{"format_version":"0.2","provider_schemas":{"registry.terraform.io/1password/onepassword":{"provider":{"version":0,"block":{"attributes":{"token":{"type":"string","description":"A valid token for your 1Password Connect API. Can also be sourced from OP_CONNECT_TOKEN.","description_kind":"markdown","required":true},"url":{"type":"string","description":"The HTTP(S) URL where your 1Password Connect API can be found. Must be provided through the the OP_CONNECT_HOST environment variable if this attribute is not set.","description_kind":"markdown","optional":true}},"description_kind":"plain"}},"resource_schemas":{"onepassword_item":{"version":0,"block":{"attributes":{"category":{"type":"string","description":"The category of the item. One of [\"login\" \"password\" \"database\"]","description_kind":"markdown","optional":true},"database":{"type":"string","description":"(Only applies to the database category) The name of the database.","description_kind":"markdown","optional":true},"hostname":{"type":"string","description":"(Only applies to the database category) The address where the database can be found","description_kind":"markdown","optional":true},"id":{"type":"string","description":"The Terraform resource identifier for this item in the format `vaults/\u003cvault_id\u003e/items/\u003citem_id\u003e`.","description_kind":"markdown","computed":true},"password":{"type":"string","description":"Password for this item.","description_kind":"markdown","optional":true,"computed":true,"sensitive":true},"port":{"type":"string","description":"(Only applies to the database category) The port the database is listening on.","description_kind":"markdown","optional":true},"tags":{"type":["list","string"],"description":"An array of strings of the tags assigned to the item.","description_kind":"markdown","optional":true},"title":{"type":"string","description":"The title of the item.","description_kind":"markdown","optional":true},"type":{"type":"string","description":"(Only applies to the database category) The type of database. One of [\"db2\" \"filemaker\" \"msaccess\" \"mssql\" \"mysql\" \"oracle\" \"postgresql\" \"sqlite\" \"other\"]","description_kind":"markdown","optional":true},"url":{"type":"string","description":"The primary URL for the item.","description_kind":"markdown","optional":true},"username":{"type":"string","description":"Username for this item.","description_kind":"markdown","optional":true},"uuid":{"type":"string","description":"The UUID of the item. Item identifiers are unique within a specific vault.","description_kind":"markdown","computed":true},"vault":{"type":"string","description":"The UUID of the vault the item is in.","description_kind":"markdown","required":true}},"block_types":{"password_recipe":{"nesting_mode":"list","block":{"attributes":{"digits":{"type":"bool","description":"Use digits [0-9] when generating the password.","description_kind":"markdown","optional":true},"length":{"type":"number","description":"The length of the password to be generated.","description_kind":"markdown","optional":true},"letters":{"type":"bool","description":"Use letters [a-zA-Z] when generating the password.","description_kind":"markdown","optional":true},"symbols":{"type":"bool","description":"Use symbols [!@.-_*] when generating the password.","description_kind":"markdown","optional":true}},"description":"Password for this item.","description_kind":"markdown"},"max_items":1},"section":{"nesting_mode":"list","block":{"attributes":{"id":{"type":"string","description":"A unique identifier for the section.","description_kind":"markdown","computed":true},"label":{"type":"string","description":"The label for the section.","description_kind":"markdown","required":true}},"block_types":{"field":{"nesting_mode":"list","block":{"attributes":{"id":{"type":"string","description":"A unique identifier for the field.","description_kind":"markdown","optional":true,"computed":true},"label":{"type":"string","description":"The label for the field.","description_kind":"markdown","required":true},"purpose":{"type":"string","description":"Purpose indicates this is a special field: a username, password, or notes field. One of [\"USERNAME\" \"PASSWORD\" \"NOTES\"]","description_kind":"markdown","optional":true},"type":{"type":"string","description":"The type of value stored in the field. One of [\"STRING\" \"EMAIL\" \"CONCEALED\" \"URL\" \"TOTP\" \"DATE\" \"MONTH_YEAR\" \"MENU\"]","description_kind":"markdown","optional":true},"value":{"type":"string","description":"The value of the field.","description_kind":"markdown","optional":true,"computed":true,"sensitive":true}},"block_types":{"password_recipe":{"nesting_mode":"list","block":{"attributes":{"digits":{"type":"bool","description":"Use digits [0-9] when generating the password.","description_kind":"markdown","optional":true},"length":{"type":"number","description":"The length of the password to be generated.","description_kind":"markdown","optional":true},"letters":{"type":"bool","description":"Use letters [a-zA-Z] when generating the password.","description_kind":"markdown","optional":true},"symbols":{"type":"bool","description":"Use symbols [!@.-_*] when generating the password.","description_kind":"markdown","optional":true}},"description":"Password for this item.","description_kind":"markdown"},"max_items":1}},"description":"A list of custom fields in the section.","description_kind":"markdown"}}},"description":"A list of custom sections in an item","description_kind":"markdown"}}},"description":"A 1Password item.","description_kind":"markdown"}}},"data_source_schemas":{"onepassword_item":{"version":0,"block":{"attributes":{"category":{"type":"string","description":"The category of the item. One of [\"login\" \"password\" \"database\"]","description_kind":"markdown","computed":true},"database":{"type":"string","description":"(Only applies to the database category) The name of the database.","description_kind":"markdown","computed":true},"hostname":{"type":"string","description":"(Only applies to the database category) The address where the database can be found","description_kind":"markdown","computed":true},"id":{"type":"string","description":"The Terraform resource identifier for this item in the format `vaults/\u003cvault_id\u003e/items/\u003citem_id\u003e`","description_kind":"markdown","computed":true},"password":{"type":"string","description":"Password for this item.","description_kind":"markdown","computed":true,"sensitive":true},"port":{"type":"string","description":"(Only applies to the database category) The port the database is listening on.","description_kind":"markdown","computed":true},"section":{"type":["list",["object",{"field":["list",["object",{"id":"string","label":"string","purpose":"string","type":"string","value":"string"}]],"id":"string","label":"string"}]],"description":"A list of custom sections in an item","description_kind":"markdown","computed":true},"tags":{"type":["list","string"],"description":"An array of strings of the tags assigned to the item.","description_kind":"markdown","computed":true},"title":{"type":"string","description":"The title of the item to retrieve. This field will be populated with the title of the item if the item it looked up by its UUID.","description_kind":"markdown","optional":true,"computed":true},"type":{"type":"string","description":"(Only applies to the database category) The type of database. One of [\"db2\" \"filemaker\" \"msaccess\" \"mssql\" \"mysql\" \"oracle\" \"postgresql\" \"sqlite\" \"other\"]","description_kind":"markdown","computed":true},"url":{"type":"string","description":"The primary URL for the item.","description_kind":"markdown","computed":true},"username":{"type":"string","description":"Username for this item.","description_kind":"markdown","computed":true},"uuid":{"type":"string","description":"The UUID of the item to retrieve. This field will be populated with the UUID of the item if the item it looked up by its title.","description_kind":"markdown","optional":true,"computed":true},"vault":{"type":"string","description":"The UUID of the vault the item is in.","description_kind":"markdown","required":true}},"description":"Use this data source to get details of an item by its vault uuid and either the title or the uuid of the item.","description_kind":"markdown"}},"onepassword_vault":{"version":0,"block":{"attributes":{"description":{"type":"string","description":"The description of the vault.","description_kind":"markdown","computed":true},"id":{"type":"string","description":"The Terraform resource identifier for this item in the format `vaults/\u003cvault_id\u003e`","description_kind":"markdown","computed":true},"name":{"type":"string","description":"The name of the vault to retrieve. This field will be populated with the name of the vault if the vault it looked up by its UUID.","description_kind":"markdown","optional":true,"computed":true},"uuid":{"type":"string","description":"The UUID of the vault to retrieve. This field will be populated with the UUID of the vault if the vault it looked up by its name.","description_kind":"markdown","optional":true,"computed":true}},"description":"Use this data source to get details of a vault by either its name or uuid.","description_kind":"markdown"}}}}}}
