{"format_version":"0.2","provider_schemas":{"registry.terraform.io/a10networks/thunder":{"provider":{"version":0,"block":{"attributes":{"address":{"type":"string","description":"Domain name/IP of the THUNDER","description_kind":"plain","required":true},"partition":{"type":"string","description":"partition name","description_kind":"plain","optional":true},"password":{"type":"string","description":"The user's password","description_kind":"plain","required":true},"username":{"type":"string","description":"Username with API access to the THUNDER","description_kind":"plain","required":true}},"description_kind":"plain"}},"resource_schemas":{"thunder_access_list_extended":{"version":0,"block":{"attributes":{"extd":{"type":"number","description_kind":"plain","optional":true},"id":{"type":"string","description_kind":"plain","optional":true,"computed":true},"uuid":{"type":"string","description_kind":"plain","optional":true}},"block_types":{"rules":{"nesting_mode":"list","block":{"attributes":{"acl_log":{"type":"number","description_kind":"plain","optional":true},"any_code":{"type":"number","description_kind":"plain","optional":true},"any_type":{"type":"number","description_kind":"plain","optional":true},"dscp":{"type":"number","description_kind":"plain","optional":true},"dst_any":{"type":"number","description_kind":"plain","optional":true},"dst_eq":{"type":"number","description_kind":"plain","optional":true},"dst_gt":{"type":"number","description_kind":"plain","optional":true},"dst_host":{"type":"string","description_kind":"plain","optional":true},"dst_lt":{"type":"number","description_kind":"plain","optional":true},"dst_mask":{"type":"string","description_kind":"plain","optional":true},"dst_object_group":{"type":"string","description_kind":"plain","optional":true},"dst_port_end":{"type":"number","description_kind":"plain","optional":true},"dst_range":{"type":"number","description_kind":"plain","optional":true},"dst_subnet":{"type":"string","description_kind":"plain","optional":true},"established":{"type":"number","description_kind":"plain","optional":true},"ethernet":{"type":"number","description_kind":"plain","optional":true},"extd_action":{"type":"string","description_kind":"plain","optional":true},"extd_remark":{"type":"string","description_kind":"plain","optional":true},"extd_seq_num":{"type":"number","description_kind":"plain","optional":true},"fragments":{"type":"number","description_kind":"plain","optional":true},"icmp":{"type":"number","description_kind":"plain","optional":true},"icmp_code":{"type":"number","description_kind":"plain","optional":true},"icmp_type":{"type":"number","description_kind":"plain","optional":true},"ip":{"type":"number","description_kind":"plain","optional":true},"service_obj_group":{"type":"string","description_kind":"plain","optional":true},"special_code":{"type":"string","description_kind":"plain","optional":true},"special_type":{"type":"string","description_kind":"plain","optional":true},"src_any":{"type":"number","description_kind":"plain","optional":true},"src_eq":{"type":"number","description_kind":"plain","optional":true},"src_gt":{"type":"number","description_kind":"plain","optional":true},"src_host":{"type":"string","description_kind":"plain","optional":true},"src_lt":{"type":"number","description_kind":"plain","optional":true},"src_mask":{"type":"string","description_kind":"plain","optional":true},"src_object_group":{"type":"string","description_kind":"plain","optional":true},"src_port_end":{"type":"number","description_kind":"plain","optional":true},"src_range":{"type":"number","description_kind":"plain","optional":true},"src_subnet":{"type":"string","description_kind":"plain","optional":true},"tcp":{"type":"number","description_kind":"plain","optional":true},"transparent_session_only":{"type":"number","description_kind":"plain","optional":true},"trunk":{"type":"number","description_kind":"plain","optional":true},"udp":{"type":"number","description_kind":"plain","optional":true},"vlan":{"type":"number","description_kind":"plain","optional":true}},"description_kind":"plain"}}},"description_kind":"plain"}},"thunder_access_list_standard":{"version":0,"block":{"attributes":{"id":{"type":"string","description_kind":"plain","optional":true,"computed":true},"std":{"type":"number","description_kind":"plain","optional":true},"uuid":{"type":"string","description_kind":"plain","optional":true}},"block_types":{"stdrules":{"nesting_mode":"list","block":{"attributes":{"action":{"type":"string","description_kind":"plain","optional":true},"any":{"type":"number","description_kind":"plain","optional":true},"host":{"type":"string","description_kind":"plain","optional":true},"log":{"type":"number","description_kind":"plain","optional":true},"rev_subnet_mask":{"type":"string","description_kind":"plain","optional":true},"seq_num":{"type":"number","description_kind":"plain","optional":true},"std_remark":{"type":"string","description_kind":"plain","optional":true},"subnet":{"type":"string","description_kind":"plain","optional":true},"transparent_session_only":{"type":"number","description_kind":"plain","optional":true}},"description_kind":"plain"}}},"description_kind":"plain"}},"thunder_active_partition":{"version":0,"block":{"attributes":{"curr_part_name":{"type":"string","description_kind":"plain","optional":true},"id":{"type":"string","description_kind":"plain","optional":true,"computed":true},"shared":{"type":"number","description_kind":"plain","optional":true}},"description_kind":"plain"}},"thunder_admin_session":{"version":0,"block":{"attributes":{"all":{"type":"number","description_kind":"plain","optional":true},"clear":{"type":"number","description_kind":"plain","optional":true},"id":{"type":"string","description_kind":"plain","optional":true,"computed":true},"sid":{"type":"number","description_kind":"plain","optional":true},"uuid":{"type":"string","description_kind":"plain","optional":true}},"description_kind":"plain"}},"thunder_bgp":{"version":0,"block":{"attributes":{"action":{"type":"string","description_kind":"plain","optional":true},"as_number":{"type":"string","description_kind":"plain","optional":true},"extended_asn_cap":{"type":"number","description_kind":"plain","optional":true},"id":{"type":"string","description_kind":"plain","optional":true,"computed":true},"process_id":{"type":"string","description_kind":"plain","optional":true},"sequence":{"type":"string","description_kind":"plain","optional":true},"uuid":{"type":"string","description_kind":"plain","optional":true}},"block_types":{"nexthop_trigger":{"nesting_mode":"list","block":{"attributes":{"delay":{"type":"number","description_kind":"plain","optional":true},"enable":{"type":"number","description_kind":"plain","optional":true}},"description_kind":"plain"},"max_items":1}},"description_kind":"plain"}},"thunder_configure_sync":{"version":0,"block":{"attributes":{"address":{"type":"string","description_kind":"plain","optional":true},"all_partitions":{"type":"number","description_kind":"plain","optional":true},"auto_authentication":{"type":"number","description_kind":"plain","optional":true},"id":{"type":"string","description_kind":"plain","optional":true,"computed":true},"partition_name":{"type":"string","description_kind":"plain","optional":true},"private_key":{"type":"string","description_kind":"plain","optional":true},"pwd":{"type":"string","description_kind":"plain","optional":true},"pwd_enc":{"type":"string","description_kind":"plain","optional":true},"shared":{"type":"number","description_kind":"plain","optional":true},"type":{"type":"string","description_kind":"plain","optional":true},"usr":{"type":"string","description_kind":"plain","optional":true}},"description_kind":"plain"}},"thunder_dns_primary":{"version":0,"block":{"attributes":{"id":{"type":"string","description_kind":"plain","optional":true,"computed":true},"ip_v4_addr":{"type":"string","description_kind":"plain","optional":true},"ip_v6_addr":{"type":"string","description_kind":"plain","optional":true},"uuid":{"type":"string","description_kind":"plain","optional":true}},"description_kind":"plain"}},"thunder_ethernet":{"version":0,"block":{"attributes":{"id":{"type":"string","description_kind":"plain","optional":true,"computed":true}},"block_types":{"ethernet_list":{"nesting_mode":"list","block":{"attributes":{"action":{"type":"string","description_kind":"plain","optional":true},"duplexity":{"type":"string","description_kind":"plain","optional":true},"flow_control":{"type":"number","description_kind":"plain","optional":true},"ifnum":{"type":"number","description_kind":"plain","optional":true},"l3_vlan_fwd_disable":{"type":"number","description_kind":"plain","optional":true},"load_interval":{"type":"number","description_kind":"plain","optional":true},"mtu":{"type":"number","description_kind":"plain","optional":true},"speed":{"type":"string","description_kind":"plain","optional":true},"trap_source":{"type":"number","description_kind":"plain","optional":true},"uuid":{"type":"string","description_kind":"plain","optional":true}},"block_types":{"ip":{"nesting_mode":"list","block":{"attributes":{"dhcp":{"type":"number","description_kind":"plain","optional":true},"uuid":{"type":"string","description_kind":"plain","optional":true}},"block_types":{"address_list":{"nesting_mode":"list","block":{"attributes":{"ipv4_address":{"type":"string","description_kind":"plain","optional":true},"ipv4_netmask":{"type":"string","description_kind":"plain","optional":true}},"description_kind":"plain"},"min_items":1}},"description_kind":"plain"},"min_items":1}},"description_kind":"plain"}}},"description_kind":"plain"}},"thunder_file_ssl_cert":{"version":0,"block":{"attributes":{"action":{"type":"string","description_kind":"plain","optional":true},"certificate_type":{"type":"string","description_kind":"plain","optional":true},"dst_file":{"type":"string","description_kind":"plain","optional":true},"file":{"type":"string","description_kind":"plain","optional":true},"file_handle":{"type":"string","description_kind":"plain","optional":true},"file_local_path":{"type":"string","description":"local path for ssl-cert file","description_kind":"plain","required":true},"id":{"type":"string","description_kind":"plain","optional":true,"computed":true},"pfx_password":{"type":"string","description_kind":"plain","optional":true},"pfx_password_export":{"type":"string","description_kind":"plain","optional":true},"size":{"type":"number","description_kind":"plain","optional":true},"uuid":{"type":"string","description_kind":"plain","optional":true}},"description_kind":"plain"}},"thunder_file_ssl_cert_key":{"version":0,"block":{"attributes":{"action":{"type":"string","description_kind":"plain","optional":true},"dst_file":{"type":"string","description_kind":"plain","optional":true},"file":{"type":"string","description_kind":"plain","optional":true},"file_handle":{"type":"string","description_kind":"plain","optional":true},"file_local_path":{"type":"string","description":"local path for ssl-cert file","description_kind":"plain","required":true},"id":{"type":"string","description_kind":"plain","optional":true,"computed":true},"secured":{"type":"number","description_kind":"plain","optional":true},"size":{"type":"number","description_kind":"plain","optional":true}},"description_kind":"plain"}},"thunder_file_ssl_key":{"version":0,"block":{"attributes":{"action":{"type":"string","description_kind":"plain","optional":true},"dst_file":{"type":"string","description_kind":"plain","optional":true},"file":{"type":"string","description_kind":"plain","optional":true},"file_handle":{"type":"string","description_kind":"plain","optional":true},"file_local_path":{"type":"string","description":"local path for ssl-cert file","description_kind":"plain","required":true},"id":{"type":"string","description_kind":"plain","optional":true,"computed":true},"secured":{"type":"number","description_kind":"plain","optional":true},"size":{"type":"number","description_kind":"plain","optional":true},"uuid":{"type":"string","description_kind":"plain","optional":true}},"description_kind":"plain"}},"thunder_fw_active_rule_set":{"version":0,"block":{"attributes":{"id":{"type":"string","description_kind":"plain","optional":true,"computed":true},"name":{"type":"string","description_kind":"plain","optional":true},"override_nat_aging":{"type":"number","description_kind":"plain","optional":true},"session_aging":{"type":"string","description_kind":"plain","optional":true},"uuid":{"type":"string","description_kind":"plain","optional":true}},"description_kind":"plain"}},"thunder_fw_alg_dns":{"version":0,"block":{"attributes":{"default_port_disable":{"type":"string","description_kind":"plain","optional":true},"id":{"type":"string","description_kind":"plain","optional":true,"computed":true},"uuid":{"type":"string","description_kind":"plain","optional":true}},"description_kind":"plain"}},"thunder_fw_alg_ftp":{"version":0,"block":{"attributes":{"default_port_disable":{"type":"string","description_kind":"plain","optional":true},"id":{"type":"string","description_kind":"plain","optional":true,"computed":true},"uuid":{"type":"string","description_kind":"plain","optional":true}},"block_types":{"sampling_enable":{"nesting_mode":"list","block":{"attributes":{"counters1":{"type":"string","description_kind":"plain","optional":true}},"description_kind":"plain"}}},"description_kind":"plain"}},"thunder_fw_alg_icmp":{"version":0,"block":{"attributes":{"disable":{"type":"string","description_kind":"plain","optional":true},"id":{"type":"string","description_kind":"plain","optional":true,"computed":true},"uuid":{"type":"string","description_kind":"plain","optional":true}},"description_kind":"plain"}},"thunder_fw_alg_pptp":{"version":0,"block":{"attributes":{"default_port_disable":{"type":"string","description_kind":"plain","optional":true},"id":{"type":"string","description_kind":"plain","optional":true,"computed":true},"uuid":{"type":"string","description_kind":"plain","optional":true}},"block_types":{"sampling_enable":{"nesting_mode":"list","block":{"attributes":{"counters1":{"type":"string","description_kind":"plain","optional":true}},"description_kind":"plain"}}},"description_kind":"plain"}},"thunder_fw_alg_rtsp":{"version":0,"block":{"attributes":{"default_port_disable":{"type":"string","description_kind":"plain","optional":true},"id":{"type":"string","description_kind":"plain","optional":true,"computed":true},"uuid":{"type":"string","description_kind":"plain","optional":true}},"block_types":{"sampling_enable":{"nesting_mode":"list","block":{"attributes":{"counters1":{"type":"string","description_kind":"plain","optional":true}},"description_kind":"plain"}}},"description_kind":"plain"}},"thunder_fw_alg_sip":{"version":0,"block":{"attributes":{"default_port_disable":{"type":"string","description_kind":"plain","optional":true},"id":{"type":"string","description_kind":"plain","optional":true,"computed":true},"uuid":{"type":"string","description_kind":"plain","optional":true}},"block_types":{"sampling_enable":{"nesting_mode":"list","block":{"attributes":{"counters1":{"type":"string","description_kind":"plain","optional":true}},"description_kind":"plain"}}},"description_kind":"plain"}},"thunder_fw_alg_tftp":{"version":0,"block":{"attributes":{"default_port_disable":{"type":"string","description_kind":"plain","optional":true},"id":{"type":"string","description_kind":"plain","optional":true,"computed":true},"uuid":{"type":"string","description_kind":"plain","optional":true}},"block_types":{"sampling_enable":{"nesting_mode":"list","block":{"attributes":{"counters1":{"type":"string","description_kind":"plain","optional":true}},"description_kind":"plain"}}},"description_kind":"plain"}},"thunder_fw_app":{"version":0,"block":{"attributes":{"id":{"type":"string","description_kind":"plain","optional":true,"computed":true},"uuid":{"type":"string","description_kind":"plain","optional":true}},"block_types":{"sampling_enable":{"nesting_mode":"list","block":{"attributes":{"counters1":{"type":"string","description_kind":"plain","optional":true}},"description_kind":"plain"}}},"description_kind":"plain"}},"thunder_fw_apply_changes":{"version":0,"block":{"attributes":{"forced":{"type":"number","description_kind":"plain","optional":true},"id":{"type":"string","description_kind":"plain","optional":true,"computed":true}},"description_kind":"plain"}},"thunder_fw_clear_session_filter":{"version":0,"block":{"attributes":{"id":{"type":"string","description_kind":"plain","optional":true,"computed":true},"status":{"type":"string","description_kind":"plain","optional":true},"uuid":{"type":"string","description_kind":"plain","optional":true}},"description_kind":"plain"}},"thunder_fw_full_cone_session":{"version":0,"block":{"attributes":{"id":{"type":"string","description_kind":"plain","optional":true,"computed":true},"uuid":{"type":"string","description_kind":"plain","optional":true}},"description_kind":"plain"}},"thunder_fw_global":{"version":0,"block":{"attributes":{"alg_processing":{"type":"string","description_kind":"plain","optional":true},"disable_ip_fw_sessions":{"type":"number","description_kind":"plain","optional":true},"extended_matching":{"type":"string","description_kind":"plain","optional":true},"id":{"type":"string","description_kind":"plain","optional":true,"computed":true},"listen_on_port_timeout":{"type":"number","description_kind":"plain","optional":true},"natip_ddos_protection":{"type":"string","description_kind":"plain","optional":true},"permit_default_action":{"type":"string","description_kind":"plain","optional":true},"respond_to_user_mac":{"type":"number","description_kind":"plain","optional":true},"uuid":{"type":"string","description_kind":"plain","optional":true}},"block_types":{"disable_app_list":{"nesting_mode":"list","block":{"attributes":{"disable_application_category":{"type":"string","description_kind":"plain","optional":true},"disable_application_protocol":{"type":"string","description_kind":"plain","optional":true}},"description_kind":"plain"}},"sampling_enable":{"nesting_mode":"list","block":{"attributes":{"counters1":{"type":"string","description_kind":"plain","optional":true}},"description_kind":"plain"}}},"description_kind":"plain"}},"thunder_fw_gtp":{"version":0,"block":{"attributes":{"gtp_value":{"type":"string","description_kind":"plain","optional":true},"id":{"type":"string","description_kind":"plain","optional":true,"computed":true},"uuid":{"type":"string","description_kind":"plain","optional":true}},"block_types":{"sampling_enable":{"nesting_mode":"list","block":{"attributes":{"counters1":{"type":"string","description_kind":"plain","optional":true}},"description_kind":"plain"}}},"description_kind":"plain"}},"thunder_fw_gtp_in_gtp_filtering":{"version":0,"block":{"attributes":{"gtp_in_gtp_value":{"type":"string","description_kind":"plain","optional":true},"id":{"type":"string","description_kind":"plain","optional":true,"computed":true},"uuid":{"type":"string","description_kind":"plain","optional":true}},"description_kind":"plain"}},"thunder_fw_gtp_v0":{"version":0,"block":{"attributes":{"gtpv0_value":{"type":"string","description_kind":"plain","optional":true},"id":{"type":"string","description_kind":"plain","optional":true,"computed":true},"uuid":{"type":"string","description_kind":"plain","optional":true}},"description_kind":"plain"}},"thunder_fw_helper_sessions":{"version":0,"block":{"attributes":{"id":{"type":"string","description_kind":"plain","optional":true,"computed":true},"idle_timeout":{"type":"number","description_kind":"plain","optional":true},"limit":{"type":"number","description_kind":"plain","optional":true},"mode":{"type":"string","description_kind":"plain","optional":true},"uuid":{"type":"string","description_kind":"plain","optional":true}},"description_kind":"plain"}},"thunder_fw_limit_entry":{"version":0,"block":{"attributes":{"id":{"type":"string","description_kind":"plain","optional":true,"computed":true},"uuid":{"type":"string","description_kind":"plain","optional":true}},"description_kind":"plain"}},"thunder_fw_local_log":{"version":0,"block":{"attributes":{"id":{"type":"string","description_kind":"plain","optional":true,"computed":true},"local_logging":{"type":"number","description_kind":"plain","optional":true},"uuid":{"type":"string","description_kind":"plain","optional":true}},"description_kind":"plain"}},"thunder_fw_logging":{"version":0,"block":{"attributes":{"id":{"type":"string","description_kind":"plain","optional":true,"computed":true},"name":{"type":"string","description_kind":"plain","optional":true},"uuid":{"type":"string","description_kind":"plain","optional":true}},"block_types":{"sampling_enable":{"nesting_mode":"list","block":{"attributes":{"counters1":{"type":"string","description_kind":"plain","optional":true}},"description_kind":"plain"}}},"description_kind":"plain"}},"thunder_fw_radius_server":{"version":0,"block":{"attributes":{"accounting_interim_update":{"type":"string","description_kind":"plain","optional":true},"accounting_on":{"type":"string","description_kind":"plain","optional":true},"accounting_start":{"type":"string","description_kind":"plain","optional":true},"accounting_stop":{"type":"string","description_kind":"plain","optional":true},"attribute_name":{"type":"string","description_kind":"plain","optional":true},"custom_attribute_name":{"type":"string","description_kind":"plain","optional":true},"encrypted":{"type":"string","description_kind":"plain","optional":true},"id":{"type":"string","description_kind":"plain","optional":true,"computed":true},"listen_port":{"type":"number","description_kind":"plain","optional":true},"secret":{"type":"number","description_kind":"plain","optional":true},"secret_string":{"type":"string","description_kind":"plain","optional":true},"uuid":{"type":"string","description_kind":"plain","optional":true},"vrid":{"type":"number","description_kind":"plain","optional":true}},"block_types":{"attribute":{"nesting_mode":"list","block":{"attributes":{"attribute_value":{"type":"string","description_kind":"plain","optional":true},"custom_number":{"type":"number","description_kind":"plain","optional":true},"custom_vendor":{"type":"number","description_kind":"plain","optional":true},"name":{"type":"string","description_kind":"plain","optional":true},"number":{"type":"number","description_kind":"plain","optional":true},"prefix_length":{"type":"string","description_kind":"plain","optional":true},"prefix_number":{"type":"number","description_kind":"plain","optional":true},"prefix_vendor":{"type":"number","description_kind":"plain","optional":true},"value":{"type":"string","description_kind":"plain","optional":true},"vendor":{"type":"number","description_kind":"plain","optional":true}},"description_kind":"plain"}},"remote":{"nesting_mode":"list","block":{"block_types":{"ip_list":{"nesting_mode":"list","block":{"attributes":{"ip_list_encrypted":{"type":"string","description_kind":"plain","optional":true},"ip_list_name":{"type":"string","description_kind":"plain","optional":true},"ip_list_secret":{"type":"number","description_kind":"plain","optional":true},"ip_list_secret_string":{"type":"string","description_kind":"plain","optional":true}},"description_kind":"plain"}}},"description_kind":"plain"},"max_items":1},"sampling_enable":{"nesting_mode":"list","block":{"attributes":{"counters1":{"type":"string","description_kind":"plain","optional":true}},"description_kind":"plain"}}},"description_kind":"plain"}},"thunder_fw_resource_usage":{"version":0,"block":{"attributes":{"id":{"type":"string","description_kind":"plain","optional":true,"computed":true},"uuid":{"type":"string","description_kind":"plain","optional":true}},"description_kind":"plain"}},"thunder_fw_server":{"version":0,"block":{"attributes":{"action":{"type":"string","description_kind":"plain","optional":true},"fqdn_name":{"type":"string","description_kind":"plain","optional":true},"health_check":{"type":"string","description_kind":"plain","optional":true},"health_check_disable":{"type":"number","description_kind":"plain","optional":true},"host":{"type":"string","description_kind":"plain","optional":true},"id":{"type":"string","description_kind":"plain","optional":true,"computed":true},"name":{"type":"string","description_kind":"plain","optional":true},"resolve_as":{"type":"string","description_kind":"plain","optional":true},"server_ipv6_addr":{"type":"string","description_kind":"plain","optional":true},"user_tag":{"type":"string","description_kind":"plain","optional":true},"uuid":{"type":"string","description_kind":"plain","optional":true}},"block_types":{"port_list":{"nesting_mode":"list","block":{"attributes":{"action":{"type":"string","description_kind":"plain","optional":true},"health_check":{"type":"string","description_kind":"plain","optional":true},"health_check_disable":{"type":"number","description_kind":"plain","optional":true},"port_number":{"type":"number","description_kind":"plain","optional":true},"protocol":{"type":"string","description_kind":"plain","optional":true},"user_tag":{"type":"string","description_kind":"plain","optional":true},"uuid":{"type":"string","description_kind":"plain","optional":true}},"block_types":{"sampling_enable":{"nesting_mode":"list","block":{"attributes":{"counters1":{"type":"string","description_kind":"plain","optional":true}},"description_kind":"plain"}}},"description_kind":"plain"}},"sampling_enable":{"nesting_mode":"list","block":{"attributes":{"counters1":{"type":"string","description_kind":"plain","optional":true}},"description_kind":"plain"}}},"description_kind":"plain"}},"thunder_fw_service_group":{"version":0,"block":{"attributes":{"health_check":{"type":"string","description_kind":"plain","optional":true},"id":{"type":"string","description_kind":"plain","optional":true,"computed":true},"name":{"type":"string","description_kind":"plain","optional":true},"protocol":{"type":"string","description_kind":"plain","optional":true},"user_tag":{"type":"string","description_kind":"plain","optional":true},"uuid":{"type":"string","description_kind":"plain","optional":true}},"block_types":{"member_list":{"nesting_mode":"list","block":{"attributes":{"name":{"type":"string","description_kind":"plain","optional":true},"port":{"type":"number","description_kind":"plain","optional":true},"user_tag":{"type":"string","description_kind":"plain","optional":true},"uuid":{"type":"string","description_kind":"plain","optional":true}},"block_types":{"sampling_enable":{"nesting_mode":"list","block":{"attributes":{"counters1":{"type":"string","description_kind":"plain","optional":true}},"description_kind":"plain"}}},"description_kind":"plain"}},"sampling_enable":{"nesting_mode":"list","block":{"attributes":{"counters1":{"type":"string","description_kind":"plain","optional":true}},"description_kind":"plain"}}},"description_kind":"plain"}},"thunder_fw_status":{"version":0,"block":{"attributes":{"id":{"type":"string","description_kind":"plain","optional":true,"computed":true},"uuid":{"type":"string","description_kind":"plain","optional":true}},"description_kind":"plain"}},"thunder_fw_system_status":{"version":0,"block":{"attributes":{"id":{"type":"string","description_kind":"plain","optional":true,"computed":true},"uuid":{"type":"string","description_kind":"plain","optional":true}},"description_kind":"plain"}},"thunder_fw_tap_monitor":{"version":0,"block":{"attributes":{"id":{"type":"string","description_kind":"plain","optional":true,"computed":true},"status":{"type":"string","description_kind":"plain","optional":true},"uuid":{"type":"string","description_kind":"plain","optional":true}},"block_types":{"tap_port_cfg":{"nesting_mode":"list","block":{"attributes":{"tap_eth":{"type":"number","description_kind":"plain","optional":true},"tap_vlan":{"type":"number","description_kind":"plain","optional":true}},"description_kind":"plain"}}},"description_kind":"plain"}},"thunder_fw_tcp_mss_clamp":{"version":0,"block":{"attributes":{"id":{"type":"string","description_kind":"plain","optional":true,"computed":true},"min":{"type":"number","description_kind":"plain","optional":true},"mss_clamp_type":{"type":"string","description_kind":"plain","optional":true},"mss_subtract":{"type":"number","description_kind":"plain","optional":true},"mss_value":{"type":"number","description_kind":"plain","optional":true},"uuid":{"type":"string","description_kind":"plain","optional":true}},"description_kind":"plain"}},"thunder_fw_tcp_reset_on_error":{"version":0,"block":{"attributes":{"enable":{"type":"number","description_kind":"plain","optional":true},"id":{"type":"string","description_kind":"plain","optional":true,"computed":true},"uuid":{"type":"string","description_kind":"plain","optional":true}},"description_kind":"plain"}},"thunder_fw_tcp_rst_close_immediate":{"version":0,"block":{"attributes":{"id":{"type":"string","description_kind":"plain","optional":true,"computed":true},"status":{"type":"string","description_kind":"plain","optional":true},"uuid":{"type":"string","description_kind":"plain","optional":true}},"description_kind":"plain"}},"thunder_fw_tcp_window_check":{"version":0,"block":{"attributes":{"id":{"type":"string","description_kind":"plain","optional":true,"computed":true},"status":{"type":"string","description_kind":"plain","optional":true},"uuid":{"type":"string","description_kind":"plain","optional":true}},"block_types":{"sampling_enable":{"nesting_mode":"list","block":{"attributes":{"counters1":{"type":"string","description_kind":"plain","optional":true}},"description_kind":"plain"}}},"description_kind":"plain"}},"thunder_fw_template_logging":{"version":0,"block":{"attributes":{"facility":{"type":"string","description_kind":"plain","optional":true},"format":{"type":"string","description_kind":"plain","optional":true},"id":{"type":"string","description_kind":"plain","optional":true,"computed":true},"include_dest_fqdn":{"type":"number","description_kind":"plain","optional":true},"merged_style":{"type":"number","description_kind":"plain","optional":true},"name":{"type":"string","description_kind":"plain","optional":true},"resolution":{"type":"string","description_kind":"plain","optional":true},"service_group":{"type":"string","description_kind":"plain","optional":true},"severity":{"type":"string","description_kind":"plain","optional":true},"user_tag":{"type":"string","description_kind":"plain","optional":true},"uuid":{"type":"string","description_kind":"plain","optional":true}},"block_types":{"include_http":{"nesting_mode":"list","block":{"attributes":{"file_extension":{"type":"number","description_kind":"plain","optional":true},"l4_session_info":{"type":"number","description_kind":"plain","optional":true},"method":{"type":"number","description_kind":"plain","optional":true},"request_number":{"type":"number","description_kind":"plain","optional":true}},"block_types":{"header_cfg":{"nesting_mode":"list","block":{"attributes":{"custom_header_name":{"type":"string","description_kind":"plain","optional":true},"custom_max_length":{"type":"number","description_kind":"plain","optional":true},"http_header":{"type":"string","description_kind":"plain","optional":true},"max_length":{"type":"number","description_kind":"plain","optional":true}},"description_kind":"plain"}}},"description_kind":"plain"},"max_items":1},"include_radius_attribute":{"nesting_mode":"list","block":{"attributes":{"framed_ipv6_prefix":{"type":"number","description_kind":"plain","optional":true},"insert_if_not_existing":{"type":"number","description_kind":"plain","optional":true},"no_quote":{"type":"number","description_kind":"plain","optional":true},"prefix_length":{"type":"string","description_kind":"plain","optional":true},"zero_in_custom_attr":{"type":"number","description_kind":"plain","optional":true}},"block_types":{"attr_cfg":{"nesting_mode":"list","block":{"attributes":{"attr":{"type":"string","description_kind":"plain","optional":true},"attr_event":{"type":"string","description_kind":"plain","optional":true}},"description_kind":"plain"}}},"description_kind":"plain"},"max_items":1},"log":{"nesting_mode":"list","block":{"attributes":{"http_requests":{"type":"string","description_kind":"plain","optional":true}},"description_kind":"plain"},"max_items":1},"rule":{"nesting_mode":"list","block":{"block_types":{"rule_http_requests":{"nesting_mode":"list","block":{"attributes":{"disable_sequence_check":{"type":"number","description_kind":"plain","optional":true},"include_all_headers":{"type":"number","description_kind":"plain","optional":true},"log_every_http_request":{"type":"number","description_kind":"plain","optional":true},"max_url_len":{"type":"number","description_kind":"plain","optional":true}},"block_types":{"dest_port":{"nesting_mode":"list","block":{"attributes":{"dest_port_number":{"type":"number","description_kind":"plain","optional":true},"include_byte_count":{"type":"number","description_kind":"plain","optional":true}},"description_kind":"plain"}}},"description_kind":"plain"},"max_items":1}},"description_kind":"plain"},"max_items":1},"source_address":{"nesting_mode":"list","block":{"attributes":{"ip":{"type":"string","description_kind":"plain","optional":true},"ipv6":{"type":"string","description_kind":"plain","optional":true},"uuid":{"type":"string","description_kind":"plain","optional":true}},"description_kind":"plain"},"max_items":1}},"description_kind":"plain"}},"thunder_fw_top_k_rules":{"version":0,"block":{"attributes":{"id":{"type":"string","description_kind":"plain","optional":true,"computed":true},"uuid":{"type":"string","description_kind":"plain","optional":true}},"description_kind":"plain"}},"thunder_fw_urpf":{"version":0,"block":{"attributes":{"id":{"type":"string","description_kind":"plain","optional":true,"computed":true},"status":{"type":"string","description_kind":"plain","optional":true},"uuid":{"type":"string","description_kind":"plain","optional":true}},"description_kind":"plain"}},"thunder_fw_vrid":{"version":0,"block":{"attributes":{"id":{"type":"string","description_kind":"plain","optional":true,"computed":true},"uuid":{"type":"string","description_kind":"plain","optional":true},"vrid":{"type":"number","description_kind":"plain","optional":true}},"description_kind":"plain"}},"thunder_glm":{"version":0,"block":{"attributes":{"allocate_bandwidth":{"type":"number","description_kind":"plain","optional":true},"appliance_name":{"type":"string","description_kind":"plain","optional":true},"burst":{"type":"number","description_kind":"plain","optional":true},"enable_requests":{"type":"number","description_kind":"plain","optional":true},"enterprise":{"type":"string","description_kind":"plain","optional":true},"id":{"type":"string","description_kind":"plain","optional":true,"computed":true},"interval":{"type":"number","description_kind":"plain","optional":true},"port":{"type":"number","description_kind":"plain","optional":true},"token":{"type":"string","description_kind":"plain","optional":true},"use_mgmt_port":{"type":"number","description_kind":"plain","optional":true},"uuid":{"type":"string","description_kind":"plain","optional":true}},"block_types":{"proxy_server":{"nesting_mode":"list","block":{"attributes":{"encrypted":{"type":"string","description_kind":"plain","optional":true},"host":{"type":"string","description_kind":"plain","optional":true},"password":{"type":"number","description_kind":"plain","optional":true},"port":{"type":"number","description_kind":"plain","optional":true},"secret_string":{"type":"string","description_kind":"plain","optional":true},"username":{"type":"string","description_kind":"plain","optional":true},"uuid":{"type":"string","description_kind":"plain","optional":true}},"description_kind":"plain"},"max_items":1}},"description_kind":"plain"}},"thunder_glm_send":{"version":0,"block":{"attributes":{"id":{"type":"string","description_kind":"plain","optional":true,"computed":true},"license_request":{"type":"number","description_kind":"plain","optional":true}},"description_kind":"plain"}},"thunder_harmony_controller_profile":{"version":0,"block":{"attributes":{"action":{"type":"string","description_kind":"plain","optional":true},"availability_zone":{"type":"string","description_kind":"plain","optional":true},"host":{"type":"string","description_kind":"plain","optional":true},"id":{"type":"string","description_kind":"plain","optional":true,"computed":true},"port":{"type":"number","description_kind":"plain","optional":true},"provider2":{"type":"string","description_kind":"plain","optional":true},"region":{"type":"string","description_kind":"plain","optional":true},"secret_value":{"type":"string","description_kind":"plain","optional":true},"use_mgmt_port":{"type":"number","description_kind":"plain","optional":true},"user_name":{"type":"string","description_kind":"plain","optional":true}},"block_types":{"thunder_mgmt_ip":{"nesting_mode":"list","block":{"attributes":{"ip_address":{"type":"string","description_kind":"plain","optional":true}},"description_kind":"plain"},"max_items":1}},"description_kind":"plain"}},"thunder_hostname":{"version":0,"block":{"attributes":{"id":{"type":"string","description_kind":"plain","optional":true,"computed":true},"uuid":{"type":"string","description_kind":"plain","optional":true},"value":{"type":"string","description_kind":"plain","optional":true}},"description_kind":"plain"}},"thunder_import":{"version":0,"block":{"attributes":{"aflex":{"type":"string","description_kind":"plain","optional":true},"auth_jwks":{"type":"string","description_kind":"plain","optional":true},"auth_portal":{"type":"string","description_kind":"plain","optional":true},"auth_portal_image":{"type":"string","description_kind":"plain","optional":true},"bw_list":{"type":"string","description_kind":"plain","optional":true},"ca_cert":{"type":"string","description_kind":"plain","optional":true},"certificate_type":{"type":"string","description_kind":"plain","optional":true},"class_list":{"type":"string","description_kind":"plain","optional":true},"class_list_convert":{"type":"string","description_kind":"plain","optional":true},"class_list_type":{"type":"string","description_kind":"plain","optional":true},"cloud_config":{"type":"string","description_kind":"plain","optional":true,"computed":true},"cloud_creds":{"type":"string","description_kind":"plain","optional":true,"computed":true},"dnssec_dnskey":{"type":"string","description_kind":"plain","optional":true},"dnssec_ds":{"type":"string","description_kind":"plain","optional":true},"file_inspection_bw_list":{"type":"string","description_kind":"plain","optional":true},"geo_location":{"type":"string","description_kind":"plain","optional":true},"glm_cert":{"type":"string","description_kind":"plain","optional":true},"glm_license":{"type":"string","description_kind":"plain","optional":true},"id":{"type":"string","description_kind":"plain","optional":true,"computed":true},"ip_map_list":{"type":"string","description_kind":"plain","optional":true},"local_uri_file":{"type":"string","description_kind":"plain","optional":true},"lw_4o6":{"type":"string","description_kind":"plain","optional":true},"overwrite":{"type":"number","description_kind":"plain","optional":true,"computed":true},"password":{"type":"string","description_kind":"plain","optional":true,"computed":true},"pfx_password":{"type":"string","description_kind":"plain","optional":true},"policy":{"type":"string","description_kind":"plain","optional":true},"remote_file":{"type":"string","description_kind":"plain","optional":true,"computed":true},"secured":{"type":"number","description_kind":"plain","optional":true},"ssl_cert":{"type":"string","description_kind":"plain","optional":true},"ssl_cert_key":{"type":"string","description_kind":"plain","optional":true},"ssl_crl":{"type":"string","description_kind":"plain","optional":true},"ssl_key":{"type":"string","description_kind":"plain","optional":true,"computed":true},"store_name":{"type":"string","description_kind":"plain","optional":true},"terminal":{"type":"number","description_kind":"plain","optional":true},"thales_kmdata":{"type":"string","description_kind":"plain","optional":true},"thales_secworld":{"type":"string","description_kind":"plain","optional":true},"usb_license":{"type":"string","description_kind":"plain","optional":true},"use_mgmt_port":{"type":"number","description_kind":"plain","optional":true,"computed":true},"user_tag":{"type":"string","description_kind":"plain","optional":true},"web_category_license":{"type":"string","description_kind":"plain","optional":true},"wsdl":{"type":"string","description_kind":"plain","optional":true},"xml_schema":{"type":"string","description_kind":"plain","optional":true}},"block_types":{"auth_saml_idp":{"nesting_mode":"list","block":{"attributes":{"overwrite":{"type":"number","description_kind":"plain","optional":true},"password":{"type":"string","description_kind":"plain","optional":true},"remote_file":{"type":"string","description_kind":"plain","optional":true},"saml_idp_name":{"type":"string","description_kind":"plain","optional":true},"use_mgmt_port":{"type":"number","description_kind":"plain","optional":true},"verify_xml_signature":{"type":"number","description_kind":"plain","optional":true}},"description_kind":"plain"},"max_items":1},"health_external":{"nesting_mode":"list","block":{"attributes":{"description":{"type":"string","description_kind":"plain","optional":true},"externalfilename":{"type":"string","description_kind":"plain","optional":true},"overwrite":{"type":"number","description_kind":"plain","optional":true},"password":{"type":"string","description_kind":"plain","optional":true},"remote_file":{"type":"string","description_kind":"plain","optional":true},"use_mgmt_port":{"type":"number","description_kind":"plain","optional":true}},"description_kind":"plain"},"max_items":1},"health_postfile":{"nesting_mode":"list","block":{"attributes":{"overwrite":{"type":"number","description_kind":"plain","optional":true},"password":{"type":"string","description_kind":"plain","optional":true},"postfilename":{"type":"string","description_kind":"plain","optional":true},"remote_file":{"type":"string","description_kind":"plain","optional":true},"use_mgmt_port":{"type":"number","description_kind":"plain","optional":true}},"description_kind":"plain"},"max_items":1},"store":{"nesting_mode":"list","block":{"attributes":{"create":{"type":"number","description_kind":"plain","optional":true},"delete":{"type":"number","description_kind":"plain","optional":true},"name":{"type":"string","description_kind":"plain","optional":true},"remote_file":{"type":"string","description_kind":"plain","optional":true}},"description_kind":"plain"},"max_items":1},"to_device":{"nesting_mode":"list","block":{"attributes":{"device":{"type":"number","description_kind":"plain","optional":true},"glm_cert":{"type":"string","description_kind":"plain","optional":true},"glm_license":{"type":"string","description_kind":"plain","optional":true},"overwrite":{"type":"number","description_kind":"plain","optional":true},"remote_file":{"type":"string","description_kind":"plain","optional":true},"use_mgmt_port":{"type":"number","description_kind":"plain","optional":true},"web_category_license":{"type":"string","description_kind":"plain","optional":true}},"description_kind":"plain"},"max_items":1}},"description_kind":"plain"}},"thunder_interface_ethernet":{"version":0,"block":{"attributes":{"action":{"type":"string","description_kind":"plain","optional":true},"auto_neg_enable":{"type":"number","description_kind":"plain","optional":true},"cpu_process":{"type":"number","description_kind":"plain","optional":true},"cpu_process_dir":{"type":"string","description_kind":"plain","optional":true},"duplexity":{"type":"string","description_kind":"plain","optional":true},"fec_forced_off":{"type":"number","description_kind":"plain","optional":true},"fec_forced_on":{"type":"number","description_kind":"plain","optional":true},"flow_control":{"type":"number","description_kind":"plain","optional":true},"id":{"type":"string","description_kind":"plain","optional":true,"computed":true},"ifnum":{"type":"number","description_kind":"plain","optional":true},"l3_vlan_fwd_disable":{"type":"number","description_kind":"plain","optional":true},"load_interval":{"type":"number","description_kind":"plain","optional":true},"media_type_copper":{"type":"number","description_kind":"plain","optional":true},"mtu":{"type":"number","description_kind":"plain","optional":true},"name":{"type":"string","description_kind":"plain","optional":true},"remove_vlan_tag":{"type":"number","description_kind":"plain","optional":true},"speed":{"type":"string","description_kind":"plain","optional":true},"speed_forced_40g":{"type":"number","description_kind":"plain","optional":true},"traffic_distribution_mode":{"type":"string","description_kind":"plain","optional":true},"trap_source":{"type":"number","description_kind":"plain","optional":true},"user_tag":{"type":"string","description_kind":"plain","optional":true},"uuid":{"type":"string","description_kind":"plain","optional":true}},"block_types":{"access_list":{"nesting_mode":"list","block":{"attributes":{"acl_id":{"type":"number","description_kind":"plain","optional":true},"acl_name":{"type":"string","description_kind":"plain","optional":true}},"description_kind":"plain"},"max_items":1},"bfd":{"nesting_mode":"list","block":{"attributes":{"demand":{"type":"number","description_kind":"plain","optional":true},"echo":{"type":"number","description_kind":"plain","optional":true},"uuid":{"type":"string","description_kind":"plain","optional":true}},"block_types":{"authentication":{"nesting_mode":"list","block":{"attributes":{"encrypted":{"type":"string","description_kind":"plain","optional":true},"key_id":{"type":"number","description_kind":"plain","optional":true},"method":{"type":"string","description_kind":"plain","optional":true},"password":{"type":"string","description_kind":"plain","optional":true}},"description_kind":"plain"},"max_items":1},"interval_cfg":{"nesting_mode":"list","block":{"attributes":{"interval":{"type":"number","description_kind":"plain","optional":true},"min_rx":{"type":"number","description_kind":"plain","optional":true},"multiplier":{"type":"number","description_kind":"plain","optional":true}},"description_kind":"plain"},"max_items":1}},"description_kind":"plain"},"max_items":1},"ddos":{"nesting_mode":"list","block":{"attributes":{"inside":{"type":"number","description_kind":"plain","optional":true},"outside":{"type":"number","description_kind":"plain","optional":true},"uuid":{"type":"string","description_kind":"plain","optional":true}},"description_kind":"plain"},"max_items":1},"icmp_rate_limit":{"nesting_mode":"list","block":{"attributes":{"lockup":{"type":"number","description_kind":"plain","optional":true},"lockup_period":{"type":"number","description_kind":"plain","optional":true},"normal":{"type":"number","description_kind":"plain","optional":true}},"description_kind":"plain"},"max_items":1},"icmpv6_rate_limit":{"nesting_mode":"list","block":{"attributes":{"lockup_period_v6":{"type":"number","description_kind":"plain","optional":true},"lockup_v6":{"type":"number","description_kind":"plain","optional":true},"normal_v6":{"type":"number","description_kind":"plain","optional":true}},"description_kind":"plain"},"max_items":1},"ip":{"nesting_mode":"list","block":{"attributes":{"allow_promiscuous_vip":{"type":"number","description_kind":"plain","optional":true},"cache_spoofing_port":{"type":"number","description_kind":"plain","optional":true},"client":{"type":"number","description_kind":"plain","optional":true},"dhcp":{"type":"number","description_kind":"plain","optional":true},"generate_membership_query":{"type":"number","description_kind":"plain","optional":true},"inside":{"type":"number","description_kind":"plain","optional":true},"max_resp_time":{"type":"number","description_kind":"plain","optional":true},"outside":{"type":"number","description_kind":"plain","optional":true},"query_interval":{"type":"number","description_kind":"plain","optional":true},"server":{"type":"number","description_kind":"plain","optional":true},"slb_partition_redirect":{"type":"number","description_kind":"plain","optional":true},"ttl_ignore":{"type":"number","description_kind":"plain","optional":true},"uuid":{"type":"string","description_kind":"plain","optional":true}},"block_types":{"address_list":{"nesting_mode":"list","block":{"attributes":{"address_type":{"type":"string","description_kind":"plain","optional":true},"ipv6_addr":{"type":"string","description_kind":"plain","optional":true}},"description_kind":"plain"}},"helper_address_list":{"nesting_mode":"list","block":{"attributes":{"helper_address":{"type":"string","description_kind":"plain","optional":true}},"description_kind":"plain"}},"ospf":{"nesting_mode":"list","block":{"block_types":{"ospf_global":{"nesting_mode":"list","block":{"attributes":{"authentication_key":{"type":"string","description_kind":"plain","optional":true},"cost":{"type":"number","description_kind":"plain","optional":true},"dead_interval":{"type":"number","description_kind":"plain","optional":true},"disable":{"type":"string","description_kind":"plain","optional":true},"hello_interval":{"type":"number","description_kind":"plain","optional":true},"mtu":{"type":"number","description_kind":"plain","optional":true},"mtu_ignore":{"type":"number","description_kind":"plain","optional":true},"priority":{"type":"number","description_kind":"plain","optional":true},"retransmit_interval":{"type":"number","description_kind":"plain","optional":true},"transmit_delay":{"type":"number","description_kind":"plain","optional":true},"uuid":{"type":"string","description_kind":"plain","optional":true}},"block_types":{"authentication_cfg":{"nesting_mode":"list","block":{"attributes":{"authentication":{"type":"number","description_kind":"plain","optional":true},"value":{"type":"string","description_kind":"plain","optional":true}},"description_kind":"plain"},"max_items":1},"bfd_cfg":{"nesting_mode":"list","block":{"attributes":{"bfd":{"type":"number","description_kind":"plain","optional":true},"disable":{"type":"number","description_kind":"plain","optional":true}},"description_kind":"plain"},"max_items":1},"database_filter_cfg":{"nesting_mode":"list","block":{"attributes":{"database_filter":{"type":"string","description_kind":"plain","optional":true},"out":{"type":"number","description_kind":"plain","optional":true}},"description_kind":"plain"},"max_items":1},"message_digest_cfg":{"nesting_mode":"list","block":{"attributes":{"message_digest_key":{"type":"number","description_kind":"plain","optional":true}},"block_types":{"md5":{"nesting_mode":"list","block":{"attributes":{"encrypted":{"type":"string","description_kind":"plain","optional":true},"md5_value":{"type":"string","description_kind":"plain","optional":true}},"description_kind":"plain"},"max_items":1}},"description_kind":"plain"}},"network":{"nesting_mode":"list","block":{"attributes":{"broadcast":{"type":"number","description_kind":"plain","optional":true},"non_broadcast":{"type":"number","description_kind":"plain","optional":true},"p2mp_nbma":{"type":"number","description_kind":"plain","optional":true},"point_to_multipoint":{"type":"number","description_kind":"plain","optional":true},"point_to_point":{"type":"number","description_kind":"plain","optional":true}},"description_kind":"plain"},"max_items":1}},"description_kind":"plain"},"max_items":1},"ospf_ip_list":{"nesting_mode":"list","block":{"attributes":{"authentication":{"type":"number","description_kind":"plain","optional":true},"authentication_key":{"type":"string","description_kind":"plain","optional":true},"cost":{"type":"number","description_kind":"plain","optional":true},"database_filter":{"type":"string","description_kind":"plain","optional":true},"dead_interval":{"type":"number","description_kind":"plain","optional":true},"hello_interval":{"type":"number","description_kind":"plain","optional":true},"ip_addr":{"type":"string","description_kind":"plain","optional":true},"mtu_ignore":{"type":"number","description_kind":"plain","optional":true},"out":{"type":"number","description_kind":"plain","optional":true},"priority":{"type":"number","description_kind":"plain","optional":true},"retransmit_interval":{"type":"number","description_kind":"plain","optional":true},"transmit_delay":{"type":"number","description_kind":"plain","optional":true},"uuid":{"type":"string","description_kind":"plain","optional":true},"value":{"type":"string","description_kind":"plain","optional":true}},"block_types":{"message_digest_cfg":{"nesting_mode":"list","block":{"attributes":{"message_digest_key":{"type":"number","description_kind":"plain","optional":true}},"block_types":{"md5":{"nesting_mode":"list","block":{"attributes":{"encrypted":{"type":"string","description_kind":"plain","optional":true},"md5_value":{"type":"string","description_kind":"plain","optional":true}},"description_kind":"plain"},"max_items":1}},"description_kind":"plain"}}},"description_kind":"plain"}}},"description_kind":"plain"},"max_items":1},"rip":{"nesting_mode":"list","block":{"attributes":{"receive_packet":{"type":"number","description_kind":"plain","optional":true},"send_packet":{"type":"number","description_kind":"plain","optional":true},"uuid":{"type":"string","description_kind":"plain","optional":true}},"block_types":{"authentication":{"nesting_mode":"list","block":{"block_types":{"key_chain":{"nesting_mode":"list","block":{"attributes":{"key_chain":{"type":"string","description_kind":"plain","optional":true}},"description_kind":"plain"},"max_items":1},"mode":{"nesting_mode":"list","block":{"attributes":{"mode":{"type":"string","description_kind":"plain","optional":true}},"description_kind":"plain"},"max_items":1},"str":{"nesting_mode":"list","block":{"attributes":{"string":{"type":"string","description_kind":"plain","optional":true}},"description_kind":"plain"},"max_items":1}},"description_kind":"plain"},"max_items":1},"receive_cfg":{"nesting_mode":"list","block":{"attributes":{"receive":{"type":"number","description_kind":"plain","optional":true},"version":{"type":"string","description_kind":"plain","optional":true}},"description_kind":"plain"},"max_items":1},"send_cfg":{"nesting_mode":"list","block":{"attributes":{"send":{"type":"number","description_kind":"plain","optional":true},"version":{"type":"string","description_kind":"plain","optional":true}},"description_kind":"plain"},"max_items":1},"split_horizon_cfg":{"nesting_mode":"list","block":{"attributes":{"state":{"type":"string","description_kind":"plain","optional":true}},"description_kind":"plain"},"max_items":1}},"description_kind":"plain"},"max_items":1},"router":{"nesting_mode":"list","block":{"block_types":{"isis":{"nesting_mode":"list","block":{"attributes":{"tag":{"type":"string","description_kind":"plain","optional":true},"uuid":{"type":"string","description_kind":"plain","optional":true}},"description_kind":"plain"},"max_items":1}},"description_kind":"plain"},"max_items":1},"stateful_firewall":{"nesting_mode":"list","block":{"attributes":{"access_list":{"type":"number","description_kind":"plain","optional":true},"acl_id":{"type":"number","description_kind":"plain","optional":true},"class_list":{"type":"string","description_kind":"plain","optional":true},"inside":{"type":"number","description_kind":"plain","optional":true},"outside":{"type":"number","description_kind":"plain","optional":true},"uuid":{"type":"string","description_kind":"plain","optional":true}},"description_kind":"plain"},"max_items":1}},"description_kind":"plain"},"max_items":1},"ipv6":{"nesting_mode":"list","block":{"attributes":{"inside":{"type":"number","description_kind":"plain","optional":true},"ipv6_enable":{"type":"number","description_kind":"plain","optional":true},"outside":{"type":"number","description_kind":"plain","optional":true},"ttl_ignore":{"type":"number","description_kind":"plain","optional":true},"uuid":{"type":"string","description_kind":"plain","optional":true}},"block_types":{"access_list_cfg":{"nesting_mode":"list","block":{"attributes":{"inbound":{"type":"number","description_kind":"plain","optional":true},"v6_acl_name":{"type":"string","description_kind":"plain","optional":true}},"description_kind":"plain"},"max_items":1},"address_list":{"nesting_mode":"list","block":{"attributes":{"address_type":{"type":"string","description_kind":"plain","optional":true},"ipv6_addr":{"type":"string","description_kind":"plain","optional":true}},"description_kind":"plain"}},"ospf":{"nesting_mode":"list","block":{"attributes":{"bfd":{"type":"number","description_kind":"plain","optional":true},"disable":{"type":"number","description_kind":"plain","optional":true},"uuid":{"type":"string","description_kind":"plain","optional":true}},"block_types":{"cost_cfg":{"nesting_mode":"list","block":{"attributes":{"cost":{"type":"number","description_kind":"plain","optional":true},"instance_id":{"type":"number","description_kind":"plain","optional":true}},"description_kind":"plain"}},"dead_interval_cfg":{"nesting_mode":"list","block":{"attributes":{"dead_interval":{"type":"number","description_kind":"plain","optional":true},"instance_id":{"type":"number","description_kind":"plain","optional":true}},"description_kind":"plain"}},"hello_interval_cfg":{"nesting_mode":"list","block":{"attributes":{"hello_interval":{"type":"number","description_kind":"plain","optional":true},"instance_id":{"type":"number","description_kind":"plain","optional":true}},"description_kind":"plain"}},"mtu_ignore_cfg":{"nesting_mode":"list","block":{"attributes":{"instance_id":{"type":"number","description_kind":"plain","optional":true},"mtu_ignore":{"type":"number","description_kind":"plain","optional":true}},"description_kind":"plain"}},"neighbor_cfg":{"nesting_mode":"list","block":{"attributes":{"neig_inst":{"type":"number","description_kind":"plain","optional":true},"neighbor":{"type":"string","description_kind":"plain","optional":true},"neighbor_cost":{"type":"number","description_kind":"plain","optional":true},"neighbor_poll_interval":{"type":"number","description_kind":"plain","optional":true},"neighbor_priority":{"type":"number","description_kind":"plain","optional":true}},"description_kind":"plain"}},"network_list":{"nesting_mode":"list","block":{"attributes":{"broadcast_type":{"type":"string","description_kind":"plain","optional":true},"network_instance_id":{"type":"number","description_kind":"plain","optional":true},"p2mp_nbma":{"type":"number","description_kind":"plain","optional":true}},"description_kind":"plain"}},"priority_cfg":{"nesting_mode":"list","block":{"attributes":{"instance_id":{"type":"number","description_kind":"plain","optional":true},"priority":{"type":"number","description_kind":"plain","optional":true}},"description_kind":"plain"}},"retransmit_interval_cfg":{"nesting_mode":"list","block":{"attributes":{"instance_id":{"type":"number","description_kind":"plain","optional":true},"retransmit_interval":{"type":"number","description_kind":"plain","optional":true}},"description_kind":"plain"}},"transmit_delay_cfg":{"nesting_mode":"list","block":{"attributes":{"instance_id":{"type":"number","description_kind":"plain","optional":true},"transmit_delay":{"type":"number","description_kind":"plain","optional":true}},"description_kind":"plain"}}},"description_kind":"plain"},"max_items":1},"rip":{"nesting_mode":"list","block":{"attributes":{"uuid":{"type":"string","description_kind":"plain","optional":true}},"block_types":{"split_horizon_cfg":{"nesting_mode":"list","block":{"attributes":{"state":{"type":"string","description_kind":"plain","optional":true}},"description_kind":"plain"},"max_items":1}},"description_kind":"plain"},"max_items":1},"router":{"nesting_mode":"list","block":{"block_types":{"isis":{"nesting_mode":"list","block":{"attributes":{"tag":{"type":"string","description_kind":"plain","optional":true},"uuid":{"type":"string","description_kind":"plain","optional":true}},"description_kind":"plain"},"max_items":1},"ospf":{"nesting_mode":"list","block":{"attributes":{"uuid":{"type":"string","description_kind":"plain","optional":true}},"block_types":{"area_list":{"nesting_mode":"list","block":{"attributes":{"area_id_addr":{"type":"string","description_kind":"plain","optional":true},"area_id_num":{"type":"number","description_kind":"plain","optional":true},"instance_id":{"type":"number","description_kind":"plain","optional":true},"tag":{"type":"string","description_kind":"plain","optional":true}},"description_kind":"plain"}}},"description_kind":"plain"},"max_items":1},"ripng":{"nesting_mode":"list","block":{"attributes":{"rip":{"type":"number","description_kind":"plain","optional":true},"uuid":{"type":"string","description_kind":"plain","optional":true}},"description_kind":"plain"},"max_items":1}},"description_kind":"plain"},"max_items":1},"router_adver":{"nesting_mode":"list","block":{"attributes":{"action":{"type":"string","description_kind":"plain","optional":true},"adver_mtu":{"type":"number","description_kind":"plain","optional":true},"adver_mtu_disable":{"type":"number","description_kind":"plain","optional":true},"adver_vrid":{"type":"number","description_kind":"plain","optional":true},"adver_vrid_default":{"type":"number","description_kind":"plain","optional":true},"default_lifetime":{"type":"number","description_kind":"plain","optional":true},"floating_ip":{"type":"string","description_kind":"plain","optional":true},"floating_ip_default_vrid":{"type":"string","description_kind":"plain","optional":true},"hop_limit":{"type":"number","description_kind":"plain","optional":true},"managed_config_action":{"type":"string","description_kind":"plain","optional":true},"max_interval":{"type":"number","description_kind":"plain","optional":true},"min_interval":{"type":"number","description_kind":"plain","optional":true},"other_config_action":{"type":"string","description_kind":"plain","optional":true},"rate_limit":{"type":"number","description_kind":"plain","optional":true},"reachable_time":{"type":"number","description_kind":"plain","optional":true},"retransmit_timer":{"type":"number","description_kind":"plain","optional":true},"use_floating_ip":{"type":"number","description_kind":"plain","optional":true},"use_floating_ip_default_vrid":{"type":"number","description_kind":"plain","optional":true}},"block_types":{"prefix_list":{"nesting_mode":"list","block":{"attributes":{"not_autonomous":{"type":"number","description_kind":"plain","optional":true},"not_on_link":{"type":"number","description_kind":"plain","optional":true},"preferred_lifetime":{"type":"number","description_kind":"plain","optional":true},"prefix":{"type":"string","description_kind":"plain","optional":true},"valid_lifetime":{"type":"number","description_kind":"plain","optional":true}},"description_kind":"plain"}}},"description_kind":"plain"},"max_items":1},"stateful_firewall":{"nesting_mode":"list","block":{"attributes":{"access_list":{"type":"number","description_kind":"plain","optional":true},"acl_name":{"type":"string","description_kind":"plain","optional":true},"class_list":{"type":"string","description_kind":"plain","optional":true},"inside":{"type":"number","description_kind":"plain","optional":true},"outside":{"type":"number","description_kind":"plain","optional":true},"uuid":{"type":"string","description_kind":"plain","optional":true}},"description_kind":"plain"},"max_items":1}},"description_kind":"plain"},"max_items":1},"isis":{"nesting_mode":"list","block":{"attributes":{"circuit_type":{"type":"string","description_kind":"plain","optional":true},"lsp_interval":{"type":"number","description_kind":"plain","optional":true},"network":{"type":"string","description_kind":"plain","optional":true},"padding":{"type":"number","description_kind":"plain","optional":true},"retransmit_interval":{"type":"number","description_kind":"plain","optional":true},"uuid":{"type":"string","description_kind":"plain","optional":true}},"block_types":{"authentication":{"nesting_mode":"list","block":{"block_types":{"key_chain_list":{"nesting_mode":"list","block":{"attributes":{"key_chain":{"type":"string","description_kind":"plain","optional":true},"level":{"type":"string","description_kind":"plain","optional":true}},"description_kind":"plain"}},"mode_list":{"nesting_mode":"list","block":{"attributes":{"level":{"type":"string","description_kind":"plain","optional":true},"mode":{"type":"string","description_kind":"plain","optional":true}},"description_kind":"plain"}},"send_only_list":{"nesting_mode":"list","block":{"attributes":{"level":{"type":"string","description_kind":"plain","optional":true},"send_only":{"type":"number","description_kind":"plain","optional":true}},"description_kind":"plain"}}},"description_kind":"plain"},"max_items":1},"bfd_cfg":{"nesting_mode":"list","block":{"attributes":{"bfd":{"type":"number","description_kind":"plain","optional":true},"disable":{"type":"number","description_kind":"plain","optional":true}},"description_kind":"plain"},"max_items":1},"csnp_interval_list":{"nesting_mode":"list","block":{"attributes":{"csnp_interval":{"type":"number","description_kind":"plain","optional":true},"level":{"type":"string","description_kind":"plain","optional":true}},"description_kind":"plain"}},"hello_interval_list":{"nesting_mode":"list","block":{"attributes":{"hello_interval":{"type":"number","description_kind":"plain","optional":true},"level":{"type":"string","description_kind":"plain","optional":true}},"description_kind":"plain"}},"hello_interval_minimal_list":{"nesting_mode":"list","block":{"attributes":{"hello_interval_minimal":{"type":"number","description_kind":"plain","optional":true},"level":{"type":"string","description_kind":"plain","optional":true}},"description_kind":"plain"}},"hello_multiplier_list":{"nesting_mode":"list","block":{"attributes":{"hello_multiplier":{"type":"number","description_kind":"plain","optional":true},"level":{"type":"string","description_kind":"plain","optional":true}},"description_kind":"plain"}},"mesh_group":{"nesting_mode":"list","block":{"attributes":{"blocked":{"type":"number","description_kind":"plain","optional":true},"value":{"type":"number","description_kind":"plain","optional":true}},"description_kind":"plain"},"max_items":1},"metric_list":{"nesting_mode":"list","block":{"attributes":{"level":{"type":"string","description_kind":"plain","optional":true},"metric":{"type":"number","description_kind":"plain","optional":true}},"description_kind":"plain"}},"password_list":{"nesting_mode":"list","block":{"attributes":{"level":{"type":"string","description_kind":"plain","optional":true},"password":{"type":"string","description_kind":"plain","optional":true}},"description_kind":"plain"}},"priority_list":{"nesting_mode":"list","block":{"attributes":{"level":{"type":"string","description_kind":"plain","optional":true},"priority":{"type":"number","description_kind":"plain","optional":true}},"description_kind":"plain"}},"wide_metric_list":{"nesting_mode":"list","block":{"attributes":{"level":{"type":"string","description_kind":"plain","optional":true},"wide_metric":{"type":"number","description_kind":"plain","optional":true}},"description_kind":"plain"}}},"description_kind":"plain"},"max_items":1},"lldp":{"nesting_mode":"list","block":{"attributes":{"uuid":{"type":"string","description_kind":"plain","optional":true}},"block_types":{"enable_cfg":{"nesting_mode":"list","block":{"attributes":{"rt_enable":{"type":"number","description_kind":"plain","optional":true},"rx":{"type":"number","description_kind":"plain","optional":true},"tx":{"type":"number","description_kind":"plain","optional":true}},"description_kind":"plain"},"max_items":1},"notification_cfg":{"nesting_mode":"list","block":{"attributes":{"notif_enable":{"type":"number","description_kind":"plain","optional":true},"notification":{"type":"number","description_kind":"plain","optional":true}},"description_kind":"plain"},"max_items":1},"tx_dot1_cfg":{"nesting_mode":"list","block":{"attributes":{"link_aggregation":{"type":"number","description_kind":"plain","optional":true},"tx_dot1_tlvs":{"type":"number","description_kind":"plain","optional":true},"vlan":{"type":"number","description_kind":"plain","optional":true}},"description_kind":"plain"},"max_items":1},"tx_tlvs_cfg":{"nesting_mode":"list","block":{"attributes":{"exclude":{"type":"number","description_kind":"plain","optional":true},"management_address":{"type":"number","description_kind":"plain","optional":true},"port_description":{"type":"number","description_kind":"plain","optional":true},"system_capabilities":{"type":"number","description_kind":"plain","optional":true},"system_description":{"type":"number","description_kind":"plain","optional":true},"system_name":{"type":"number","description_kind":"plain","optional":true},"tx_tlvs":{"type":"number","description_kind":"plain","optional":true}},"description_kind":"plain"},"max_items":1}},"description_kind":"plain"},"max_items":1},"lw_4o6":{"nesting_mode":"list","block":{"attributes":{"inside":{"type":"number","description_kind":"plain","optional":true},"outside":{"type":"number","description_kind":"plain","optional":true},"uuid":{"type":"string","description_kind":"plain","optional":true}},"description_kind":"plain"},"max_items":1},"map":{"nesting_mode":"list","block":{"attributes":{"inside":{"type":"number","description_kind":"plain","optional":true},"map_t_inside":{"type":"number","description_kind":"plain","optional":true},"map_t_outside":{"type":"number","description_kind":"plain","optional":true},"outside":{"type":"number","description_kind":"plain","optional":true},"uuid":{"type":"string","description_kind":"plain","optional":true}},"description_kind":"plain"},"max_items":1},"monitor_list":{"nesting_mode":"list","block":{"attributes":{"mirror_index":{"type":"number","description_kind":"plain","optional":true},"monitor":{"type":"string","description_kind":"plain","optional":true},"monitor_vlan":{"type":"number","description_kind":"plain","optional":true}},"description_kind":"plain"}},"nptv6":{"nesting_mode":"list","block":{"block_types":{"domain_list":{"nesting_mode":"list","block":{"attributes":{"bind_type":{"type":"string","description_kind":"plain","optional":true},"domain_name":{"type":"string","description_kind":"plain","optional":true},"uuid":{"type":"string","description_kind":"plain","optional":true}},"description_kind":"plain"}}},"description_kind":"plain"},"max_items":1},"sampling_enable":{"nesting_mode":"list","block":{"attributes":{"counters1":{"type":"string","description_kind":"plain","optional":true}},"description_kind":"plain"}},"trunk_group_list":{"nesting_mode":"list","block":{"attributes":{"admin_key":{"type":"number","description_kind":"plain","optional":true},"mode":{"type":"string","description_kind":"plain","optional":true},"port_priority":{"type":"number","description_kind":"plain","optional":true},"timeout":{"type":"string","description_kind":"plain","optional":true},"trunk_number":{"type":"number","description_kind":"plain","optional":true},"type":{"type":"string","description_kind":"plain","optional":true},"user_tag":{"type":"string","description_kind":"plain","optional":true},"uuid":{"type":"string","description_kind":"plain","optional":true}},"block_types":{"udld_timeout_cfg":{"nesting_mode":"list","block":{"attributes":{"fast":{"type":"number","description_kind":"plain","optional":true},"slow":{"type":"number","description_kind":"plain","optional":true}},"description_kind":"plain"},"max_items":1}},"description_kind":"plain"}}},"description_kind":"plain"}},"thunder_interface_ethernet_bfd":{"version":0,"block":{"attributes":{"demand":{"type":"number","description_kind":"plain","optional":true},"echo":{"type":"number","description_kind":"plain","optional":true},"id":{"type":"string","description_kind":"plain","optional":true,"computed":true},"ifnum":{"type":"number","description_kind":"plain","optional":true},"uuid":{"type":"string","description_kind":"plain","optional":true}},"block_types":{"authentication":{"nesting_mode":"list","block":{"attributes":{"encrypted":{"type":"string","description_kind":"plain","optional":true},"key_id":{"type":"number","description_kind":"plain","optional":true},"method":{"type":"string","description_kind":"plain","optional":true},"password":{"type":"string","description_kind":"plain","optional":true}},"description_kind":"plain"},"max_items":1},"interval_cfg":{"nesting_mode":"list","block":{"attributes":{"interval":{"type":"number","description_kind":"plain","optional":true},"min_rx":{"type":"number","description_kind":"plain","optional":true},"multiplier":{"type":"number","description_kind":"plain","optional":true}},"description_kind":"plain"},"max_items":1}},"description_kind":"plain"}},"thunder_interface_ethernet_ipv6":{"version":0,"block":{"attributes":{"id":{"type":"string","description_kind":"plain","optional":true,"computed":true},"ifnum":{"type":"string","description_kind":"plain","optional":true},"inside":{"type":"number","description_kind":"plain","optional":true},"ipv6_enable":{"type":"number","description_kind":"plain","optional":true},"outside":{"type":"number","description_kind":"plain","optional":true},"ttl_ignore":{"type":"number","description_kind":"plain","optional":true},"uuid":{"type":"string","description_kind":"plain","optional":true}},"block_types":{"access_list_cfg":{"nesting_mode":"list","block":{"attributes":{"inbound":{"type":"number","description_kind":"plain","optional":true},"v6_acl_name":{"type":"string","description_kind":"plain","optional":true}},"description_kind":"plain"},"max_items":1},"address_list":{"nesting_mode":"list","block":{"attributes":{"address_type":{"type":"string","description_kind":"plain","optional":true},"ipv6_addr":{"type":"string","description_kind":"plain","optional":true}},"description_kind":"plain"}},"ospf":{"nesting_mode":"list","block":{"attributes":{"bfd":{"type":"number","description_kind":"plain","optional":true},"disable":{"type":"number","description_kind":"plain","optional":true},"uuid":{"type":"string","description_kind":"plain","optional":true}},"block_types":{"cost_cfg":{"nesting_mode":"list","block":{"attributes":{"cost":{"type":"number","description_kind":"plain","optional":true},"instance_id":{"type":"number","description_kind":"plain","optional":true}},"description_kind":"plain"}},"dead_interval_cfg":{"nesting_mode":"list","block":{"attributes":{"dead_interval":{"type":"number","description_kind":"plain","optional":true},"instance_id":{"type":"number","description_kind":"plain","optional":true}},"description_kind":"plain"}},"hello_interval_cfg":{"nesting_mode":"list","block":{"attributes":{"hello_interval":{"type":"number","description_kind":"plain","optional":true},"instance_id":{"type":"number","description_kind":"plain","optional":true}},"description_kind":"plain"}},"mtu_ignore_cfg":{"nesting_mode":"list","block":{"attributes":{"instance_id":{"type":"number","description_kind":"plain","optional":true},"mtu_ignore":{"type":"number","description_kind":"plain","optional":true}},"description_kind":"plain"}},"neighbor_cfg":{"nesting_mode":"list","block":{"attributes":{"neig_inst":{"type":"number","description_kind":"plain","optional":true},"neighbor":{"type":"string","description_kind":"plain","optional":true},"neighbor_cost":{"type":"number","description_kind":"plain","optional":true},"neighbor_poll_interval":{"type":"number","description_kind":"plain","optional":true},"neighbor_priority":{"type":"number","description_kind":"plain","optional":true}},"description_kind":"plain"}},"network_list":{"nesting_mode":"list","block":{"attributes":{"broadcast_type":{"type":"string","description_kind":"plain","optional":true},"network_instance_id":{"type":"number","description_kind":"plain","optional":true},"p2mp_nbma":{"type":"number","description_kind":"plain","optional":true}},"description_kind":"plain"}},"priority_cfg":{"nesting_mode":"list","block":{"attributes":{"instance_id":{"type":"number","description_kind":"plain","optional":true},"priority":{"type":"number","description_kind":"plain","optional":true}},"description_kind":"plain"}},"retransmit_interval_cfg":{"nesting_mode":"list","block":{"attributes":{"instance_id":{"type":"number","description_kind":"plain","optional":true},"retransmit_interval":{"type":"number","description_kind":"plain","optional":true}},"description_kind":"plain"}},"transmit_delay_cfg":{"nesting_mode":"list","block":{"attributes":{"instance_id":{"type":"number","description_kind":"plain","optional":true},"transmit_delay":{"type":"number","description_kind":"plain","optional":true}},"description_kind":"plain"}}},"description_kind":"plain"},"max_items":1},"rip":{"nesting_mode":"list","block":{"attributes":{"uuid":{"type":"string","description_kind":"plain","optional":true}},"block_types":{"split_horizon_cfg":{"nesting_mode":"list","block":{"attributes":{"state":{"type":"string","description_kind":"plain","optional":true}},"description_kind":"plain"},"max_items":1}},"description_kind":"plain"},"max_items":1},"router":{"nesting_mode":"list","block":{"block_types":{"isis":{"nesting_mode":"list","block":{"attributes":{"tag":{"type":"string","description_kind":"plain","optional":true},"uuid":{"type":"string","description_kind":"plain","optional":true}},"description_kind":"plain"},"max_items":1},"ospf":{"nesting_mode":"list","block":{"attributes":{"uuid":{"type":"string","description_kind":"plain","optional":true}},"block_types":{"area_list":{"nesting_mode":"list","block":{"attributes":{"area_id_addr":{"type":"string","description_kind":"plain","optional":true},"area_id_num":{"type":"number","description_kind":"plain","optional":true},"instance_id":{"type":"number","description_kind":"plain","optional":true},"tag":{"type":"string","description_kind":"plain","optional":true}},"description_kind":"plain"}}},"description_kind":"plain"},"max_items":1},"ripng":{"nesting_mode":"list","block":{"attributes":{"rip":{"type":"number","description_kind":"plain","optional":true},"uuid":{"type":"string","description_kind":"plain","optional":true}},"description_kind":"plain"},"max_items":1}},"description_kind":"plain"},"max_items":1},"router_adver":{"nesting_mode":"list","block":{"attributes":{"action":{"type":"string","description_kind":"plain","optional":true},"adver_mtu":{"type":"number","description_kind":"plain","optional":true},"adver_mtu_disable":{"type":"number","description_kind":"plain","optional":true},"adver_vrid":{"type":"number","description_kind":"plain","optional":true},"adver_vrid_default":{"type":"number","description_kind":"plain","optional":true},"default_lifetime":{"type":"number","description_kind":"plain","optional":true},"floating_ip":{"type":"string","description_kind":"plain","optional":true},"floating_ip_default_vrid":{"type":"string","description_kind":"plain","optional":true},"hop_limit":{"type":"number","description_kind":"plain","optional":true},"managed_config_action":{"type":"string","description_kind":"plain","optional":true},"max_interval":{"type":"number","description_kind":"plain","optional":true},"min_interval":{"type":"number","description_kind":"plain","optional":true},"other_config_action":{"type":"string","description_kind":"plain","optional":true},"rate_limit":{"type":"number","description_kind":"plain","optional":true},"reachable_time":{"type":"number","description_kind":"plain","optional":true},"retransmit_timer":{"type":"number","description_kind":"plain","optional":true},"use_floating_ip":{"type":"number","description_kind":"plain","optional":true},"use_floating_ip_default_vrid":{"type":"number","description_kind":"plain","optional":true}},"block_types":{"prefix_list":{"nesting_mode":"list","block":{"attributes":{"not_autonomous":{"type":"number","description_kind":"plain","optional":true},"not_on_link":{"type":"number","description_kind":"plain","optional":true},"preferred_lifetime":{"type":"number","description_kind":"plain","optional":true},"prefix":{"type":"string","description_kind":"plain","optional":true},"valid_lifetime":{"type":"number","description_kind":"plain","optional":true}},"description_kind":"plain"}}},"description_kind":"plain"},"max_items":1},"stateful_firewall":{"nesting_mode":"list","block":{"attributes":{"access_list":{"type":"number","description_kind":"plain","optional":true},"acl_name":{"type":"string","description_kind":"plain","optional":true},"class_list":{"type":"string","description_kind":"plain","optional":true},"inside":{"type":"number","description_kind":"plain","optional":true},"outside":{"type":"number","description_kind":"plain","optional":true},"uuid":{"type":"string","description_kind":"plain","optional":true}},"description_kind":"plain"},"max_items":1}},"description_kind":"plain"}},"thunder_interface_ethernet_lldp":{"version":0,"block":{"attributes":{"id":{"type":"string","description_kind":"plain","optional":true,"computed":true},"ifnum":{"type":"number","description_kind":"plain","optional":true},"uuid":{"type":"string","description_kind":"plain","optional":true}},"block_types":{"enable_cfg":{"nesting_mode":"list","block":{"attributes":{"rt_enable":{"type":"number","description_kind":"plain","optional":true},"rx":{"type":"number","description_kind":"plain","optional":true},"tx":{"type":"number","description_kind":"plain","optional":true}},"description_kind":"plain"},"max_items":1},"notification_cfg":{"nesting_mode":"list","block":{"attributes":{"notif_enable":{"type":"number","description_kind":"plain","optional":true},"notification":{"type":"number","description_kind":"plain","optional":true}},"description_kind":"plain"},"max_items":1},"tx_dot1_cfg":{"nesting_mode":"list","block":{"attributes":{"link_aggregation":{"type":"number","description_kind":"plain","optional":true},"tx_dot1_tlvs":{"type":"number","description_kind":"plain","optional":true},"vlan":{"type":"number","description_kind":"plain","optional":true}},"description_kind":"plain"},"max_items":1},"tx_tlvs_cfg":{"nesting_mode":"list","block":{"attributes":{"exclude":{"type":"number","description_kind":"plain","optional":true},"management_address":{"type":"number","description_kind":"plain","optional":true},"port_description":{"type":"number","description_kind":"plain","optional":true},"system_capabilities":{"type":"number","description_kind":"plain","optional":true},"system_description":{"type":"number","description_kind":"plain","optional":true},"system_name":{"type":"number","description_kind":"plain","optional":true},"tx_tlvs":{"type":"number","description_kind":"plain","optional":true}},"description_kind":"plain"},"max_items":1}},"description_kind":"plain"}},"thunder_interface_ethernet_trunk_group":{"version":0,"block":{"attributes":{"admin_key":{"type":"number","description_kind":"plain","optional":true},"id":{"type":"string","description_kind":"plain","optional":true,"computed":true},"ifnum":{"type":"number","description_kind":"plain","optional":true},"mode":{"type":"string","description_kind":"plain","optional":true},"port_priority":{"type":"number","description_kind":"plain","optional":true},"timeout":{"type":"string","description_kind":"plain","optional":true},"trunk_number":{"type":"number","description_kind":"plain","optional":true},"type":{"type":"string","description_kind":"plain","optional":true},"user_tag":{"type":"string","description_kind":"plain","optional":true},"uuid":{"type":"string","description_kind":"plain","optional":true}},"block_types":{"udld_timeout_cfg":{"nesting_mode":"list","block":{"attributes":{"fast":{"type":"number","description_kind":"plain","optional":true},"slow":{"type":"number","description_kind":"plain","optional":true}},"description_kind":"plain"},"max_items":1}},"description_kind":"plain"}},"thunder_interface_lif":{"version":0,"block":{"attributes":{"action":{"type":"string","description_kind":"plain","optional":true},"id":{"type":"string","description_kind":"plain","optional":true,"computed":true},"ifname":{"type":"string","description_kind":"plain","optional":true},"mtu":{"type":"number","description_kind":"plain","optional":true},"name":{"type":"string","description_kind":"plain","optional":true},"user_tag":{"type":"string","description_kind":"plain","optional":true},"uuid":{"type":"string","description_kind":"plain","optional":true}},"block_types":{"access_list":{"nesting_mode":"list","block":{"attributes":{"acl_id":{"type":"number","description_kind":"plain","optional":true},"acl_name":{"type":"string","description_kind":"plain","optional":true}},"description_kind":"plain"},"max_items":1},"bfd":{"nesting_mode":"list","block":{"attributes":{"demand":{"type":"number","description_kind":"plain","optional":true},"echo":{"type":"number","description_kind":"plain","optional":true},"uuid":{"type":"string","description_kind":"plain","optional":true}},"block_types":{"authentication":{"nesting_mode":"list","block":{"attributes":{"key_id":{"type":"number","description_kind":"plain","optional":true},"method":{"type":"string","description_kind":"plain","optional":true},"password":{"type":"string","description_kind":"plain","optional":true}},"description_kind":"plain"},"max_items":1},"interval_cfg":{"nesting_mode":"list","block":{"attributes":{"interval":{"type":"number","description_kind":"plain","optional":true},"min_rx":{"type":"number","description_kind":"plain","optional":true},"multiplier":{"type":"number","description_kind":"plain","optional":true}},"description_kind":"plain"},"max_items":1}},"description_kind":"plain"},"max_items":1},"ip":{"nesting_mode":"list","block":{"attributes":{"allow_promiscuous_vip":{"type":"number","description_kind":"plain","optional":true},"cache_spoofing_port":{"type":"number","description_kind":"plain","optional":true},"dhcp":{"type":"number","description_kind":"plain","optional":true},"generate_membership_query":{"type":"number","description_kind":"plain","optional":true},"inside":{"type":"number","description_kind":"plain","optional":true},"max_resp_time":{"type":"number","description_kind":"plain","optional":true},"outside":{"type":"number","description_kind":"plain","optional":true},"query_interval":{"type":"number","description_kind":"plain","optional":true},"uuid":{"type":"string","description_kind":"plain","optional":true}},"block_types":{"address_list":{"nesting_mode":"list","block":{"attributes":{"anycast":{"type":"number","description_kind":"plain","optional":true},"ipv6_addr":{"type":"string","description_kind":"plain","optional":true},"link_local":{"type":"number","description_kind":"plain","optional":true}},"description_kind":"plain"}},"ospf":{"nesting_mode":"list","block":{"block_types":{"ospf_global":{"nesting_mode":"list","block":{"attributes":{"authentication_key":{"type":"string","description_kind":"plain","optional":true},"cost":{"type":"number","description_kind":"plain","optional":true},"dead_interval":{"type":"number","description_kind":"plain","optional":true},"disable":{"type":"string","description_kind":"plain","optional":true},"hello_interval":{"type":"number","description_kind":"plain","optional":true},"mtu":{"type":"number","description_kind":"plain","optional":true},"mtu_ignore":{"type":"number","description_kind":"plain","optional":true},"priority":{"type":"number","description_kind":"plain","optional":true},"retransmit_interval":{"type":"number","description_kind":"plain","optional":true},"transmit_delay":{"type":"number","description_kind":"plain","optional":true},"uuid":{"type":"string","description_kind":"plain","optional":true}},"block_types":{"authentication_cfg":{"nesting_mode":"list","block":{"attributes":{"authentication":{"type":"number","description_kind":"plain","optional":true},"value":{"type":"string","description_kind":"plain","optional":true}},"description_kind":"plain"},"max_items":1},"bfd_cfg":{"nesting_mode":"list","block":{"attributes":{"bfd":{"type":"number","description_kind":"plain","optional":true},"disable":{"type":"number","description_kind":"plain","optional":true}},"description_kind":"plain"},"max_items":1},"database_filter_cfg":{"nesting_mode":"list","block":{"attributes":{"database_filter":{"type":"string","description_kind":"plain","optional":true},"out":{"type":"number","description_kind":"plain","optional":true}},"description_kind":"plain"},"max_items":1},"message_digest_cfg":{"nesting_mode":"list","block":{"attributes":{"md5_value":{"type":"string","description_kind":"plain","optional":true},"message_digest_key":{"type":"number","description_kind":"plain","optional":true}},"description_kind":"plain"}},"network":{"nesting_mode":"list","block":{"attributes":{"broadcast":{"type":"number","description_kind":"plain","optional":true},"non_broadcast":{"type":"number","description_kind":"plain","optional":true},"p2mp_nbma":{"type":"number","description_kind":"plain","optional":true},"point_to_multipoint":{"type":"number","description_kind":"plain","optional":true},"point_to_point":{"type":"number","description_kind":"plain","optional":true}},"description_kind":"plain"},"max_items":1}},"description_kind":"plain"},"max_items":1},"ospf_ip_list":{"nesting_mode":"list","block":{"attributes":{"authentication":{"type":"number","description_kind":"plain","optional":true},"authentication_key":{"type":"string","description_kind":"plain","optional":true},"cost":{"type":"number","description_kind":"plain","optional":true},"database_filter":{"type":"string","description_kind":"plain","optional":true},"dead_interval":{"type":"number","description_kind":"plain","optional":true},"hello_interval":{"type":"number","description_kind":"plain","optional":true},"ip_addr":{"type":"string","description_kind":"plain","optional":true},"mtu_ignore":{"type":"number","description_kind":"plain","optional":true},"out":{"type":"number","description_kind":"plain","optional":true},"priority":{"type":"number","description_kind":"plain","optional":true},"retransmit_interval":{"type":"number","description_kind":"plain","optional":true},"transmit_delay":{"type":"number","description_kind":"plain","optional":true},"uuid":{"type":"string","description_kind":"plain","optional":true},"value":{"type":"string","description_kind":"plain","optional":true}},"block_types":{"message_digest_cfg":{"nesting_mode":"list","block":{"attributes":{"md5_value":{"type":"string","description_kind":"plain","optional":true},"message_digest_key":{"type":"number","description_kind":"plain","optional":true}},"description_kind":"plain"}}},"description_kind":"plain"}}},"description_kind":"plain"},"max_items":1},"rip":{"nesting_mode":"list","block":{"attributes":{"receive_packet":{"type":"number","description_kind":"plain","optional":true},"send_packet":{"type":"number","description_kind":"plain","optional":true},"uuid":{"type":"string","description_kind":"plain","optional":true}},"block_types":{"authentication":{"nesting_mode":"list","block":{"block_types":{"key_chain":{"nesting_mode":"list","block":{"attributes":{"key_chain":{"type":"string","description_kind":"plain","optional":true}},"description_kind":"plain"},"max_items":1},"mode":{"nesting_mode":"list","block":{"attributes":{"mode":{"type":"string","description_kind":"plain","optional":true}},"description_kind":"plain"},"max_items":1},"str":{"nesting_mode":"list","block":{"attributes":{"string":{"type":"string","description_kind":"plain","optional":true}},"description_kind":"plain"},"max_items":1}},"description_kind":"plain"},"max_items":1},"receive_cfg":{"nesting_mode":"list","block":{"attributes":{"receive":{"type":"number","description_kind":"plain","optional":true},"version":{"type":"string","description_kind":"plain","optional":true}},"description_kind":"plain"},"max_items":1},"send_cfg":{"nesting_mode":"list","block":{"attributes":{"send":{"type":"number","description_kind":"plain","optional":true},"version":{"type":"string","description_kind":"plain","optional":true}},"description_kind":"plain"},"max_items":1},"split_horizon_cfg":{"nesting_mode":"list","block":{"attributes":{"state":{"type":"string","description_kind":"plain","optional":true}},"description_kind":"plain"},"max_items":1}},"description_kind":"plain"},"max_items":1},"router":{"nesting_mode":"list","block":{"block_types":{"isis":{"nesting_mode":"list","block":{"attributes":{"tag":{"type":"string","description_kind":"plain","optional":true},"uuid":{"type":"string","description_kind":"plain","optional":true}},"description_kind":"plain"},"max_items":1}},"description_kind":"plain"},"max_items":1}},"description_kind":"plain"},"max_items":1},"ipv6":{"nesting_mode":"list","block":{"attributes":{"inside":{"type":"number","description_kind":"plain","optional":true},"ipv6_enable":{"type":"number","description_kind":"plain","optional":true},"outside":{"type":"number","description_kind":"plain","optional":true},"uuid":{"type":"string","description_kind":"plain","optional":true}},"block_types":{"address_list":{"nesting_mode":"list","block":{"attributes":{"anycast":{"type":"number","description_kind":"plain","optional":true},"ipv6_addr":{"type":"string","description_kind":"plain","optional":true},"link_local":{"type":"number","description_kind":"plain","optional":true}},"description_kind":"plain"}},"ospf":{"nesting_mode":"list","block":{"attributes":{"bfd":{"type":"number","description_kind":"plain","optional":true},"disable":{"type":"number","description_kind":"plain","optional":true},"uuid":{"type":"string","description_kind":"plain","optional":true}},"block_types":{"cost_cfg":{"nesting_mode":"list","block":{"attributes":{"cost":{"type":"number","description_kind":"plain","optional":true},"instance_id":{"type":"number","description_kind":"plain","optional":true}},"description_kind":"plain"}},"dead_interval_cfg":{"nesting_mode":"list","block":{"attributes":{"dead_interval":{"type":"number","description_kind":"plain","optional":true},"instance_id":{"type":"number","description_kind":"plain","optional":true}},"description_kind":"plain"}},"hello_interval_cfg":{"nesting_mode":"list","block":{"attributes":{"hello_interval":{"type":"number","description_kind":"plain","optional":true},"instance_id":{"type":"number","description_kind":"plain","optional":true}},"description_kind":"plain"}},"mtu_ignore_cfg":{"nesting_mode":"list","block":{"attributes":{"instance_id":{"type":"number","description_kind":"plain","optional":true},"mtu_ignore":{"type":"number","description_kind":"plain","optional":true}},"description_kind":"plain"}},"neighbor_cfg":{"nesting_mode":"list","block":{"attributes":{"neig_inst":{"type":"number","description_kind":"plain","optional":true},"neighbor":{"type":"string","description_kind":"plain","optional":true},"neighbor_cost":{"type":"number","description_kind":"plain","optional":true},"neighbor_poll_interval":{"type":"number","description_kind":"plain","optional":true},"neighbor_priority":{"type":"number","description_kind":"plain","optional":true}},"description_kind":"plain"}},"network_list":{"nesting_mode":"list","block":{"attributes":{"broadcast_type":{"type":"string","description_kind":"plain","optional":true},"network_instance_id":{"type":"number","description_kind":"plain","optional":true},"p2mp_nbma":{"type":"number","description_kind":"plain","optional":true}},"description_kind":"plain"}},"priority_cfg":{"nesting_mode":"list","block":{"attributes":{"instance_id":{"type":"number","description_kind":"plain","optional":true},"priority":{"type":"number","description_kind":"plain","optional":true}},"description_kind":"plain"}},"retransmit_interval_cfg":{"nesting_mode":"list","block":{"attributes":{"instance_id":{"type":"number","description_kind":"plain","optional":true},"retransmit_interval":{"type":"number","description_kind":"plain","optional":true}},"description_kind":"plain"}},"transmit_delay_cfg":{"nesting_mode":"list","block":{"attributes":{"instance_id":{"type":"number","description_kind":"plain","optional":true},"transmit_delay":{"type":"number","description_kind":"plain","optional":true}},"description_kind":"plain"}}},"description_kind":"plain"},"max_items":1},"router":{"nesting_mode":"list","block":{"block_types":{"isis":{"nesting_mode":"list","block":{"attributes":{"tag":{"type":"string","description_kind":"plain","optional":true},"uuid":{"type":"string","description_kind":"plain","optional":true}},"description_kind":"plain"},"max_items":1},"ospf":{"nesting_mode":"list","block":{"attributes":{"uuid":{"type":"string","description_kind":"plain","optional":true}},"block_types":{"area_list":{"nesting_mode":"list","block":{"attributes":{"area_id_addr":{"type":"string","description_kind":"plain","optional":true},"area_id_num":{"type":"number","description_kind":"plain","optional":true},"instance_id":{"type":"number","description_kind":"plain","optional":true},"tag":{"type":"string","description_kind":"plain","optional":true}},"description_kind":"plain"}}},"description_kind":"plain"},"max_items":1},"ripng":{"nesting_mode":"list","block":{"attributes":{"rip":{"type":"number","description_kind":"plain","optional":true},"uuid":{"type":"string","description_kind":"plain","optional":true}},"description_kind":"plain"},"max_items":1}},"description_kind":"plain"},"max_items":1}},"description_kind":"plain"},"max_items":1},"isis":{"nesting_mode":"list","block":{"attributes":{"circuit_type":{"type":"string","description_kind":"plain","optional":true},"lsp_interval":{"type":"number","description_kind":"plain","optional":true},"network":{"type":"string","description_kind":"plain","optional":true},"padding":{"type":"number","description_kind":"plain","optional":true},"retransmit_interval":{"type":"number","description_kind":"plain","optional":true},"uuid":{"type":"string","description_kind":"plain","optional":true}},"block_types":{"authentication":{"nesting_mode":"list","block":{"block_types":{"key_chain_list":{"nesting_mode":"list","block":{"attributes":{"key_chain":{"type":"string","description_kind":"plain","optional":true},"level":{"type":"string","description_kind":"plain","optional":true}},"description_kind":"plain"}},"mode_list":{"nesting_mode":"list","block":{"attributes":{"level":{"type":"string","description_kind":"plain","optional":true},"mode":{"type":"string","description_kind":"plain","optional":true}},"description_kind":"plain"}},"send_only_list":{"nesting_mode":"list","block":{"attributes":{"level":{"type":"string","description_kind":"plain","optional":true},"send_only":{"type":"number","description_kind":"plain","optional":true}},"description_kind":"plain"}}},"description_kind":"plain"},"max_items":1},"bfd_cfg":{"nesting_mode":"list","block":{"attributes":{"bfd":{"type":"number","description_kind":"plain","optional":true},"disable":{"type":"number","description_kind":"plain","optional":true}},"description_kind":"plain"},"max_items":1},"csnp_interval_list":{"nesting_mode":"list","block":{"attributes":{"csnp_interval":{"type":"number","description_kind":"plain","optional":true},"level":{"type":"string","description_kind":"plain","optional":true}},"description_kind":"plain"}},"hello_interval_list":{"nesting_mode":"list","block":{"attributes":{"hello_interval":{"type":"number","description_kind":"plain","optional":true},"level":{"type":"string","description_kind":"plain","optional":true}},"description_kind":"plain"}},"hello_interval_minimal_list":{"nesting_mode":"list","block":{"attributes":{"hello_interval_minimal":{"type":"number","description_kind":"plain","optional":true},"level":{"type":"string","description_kind":"plain","optional":true}},"description_kind":"plain"}},"hello_multiplier_list":{"nesting_mode":"list","block":{"attributes":{"hello_multiplier":{"type":"number","description_kind":"plain","optional":true},"level":{"type":"string","description_kind":"plain","optional":true}},"description_kind":"plain"}},"mesh_group":{"nesting_mode":"list","block":{"attributes":{"blocked":{"type":"number","description_kind":"plain","optional":true},"value":{"type":"number","description_kind":"plain","optional":true}},"description_kind":"plain"},"max_items":1},"metric_list":{"nesting_mode":"list","block":{"attributes":{"level":{"type":"string","description_kind":"plain","optional":true},"metric":{"type":"number","description_kind":"plain","optional":true}},"description_kind":"plain"}},"password_list":{"nesting_mode":"list","block":{"attributes":{"level":{"type":"string","description_kind":"plain","optional":true},"password":{"type":"string","description_kind":"plain","optional":true}},"description_kind":"plain"}},"priority_list":{"nesting_mode":"list","block":{"attributes":{"level":{"type":"string","description_kind":"plain","optional":true},"priority":{"type":"number","description_kind":"plain","optional":true}},"description_kind":"plain"}},"wide_metric_list":{"nesting_mode":"list","block":{"attributes":{"level":{"type":"string","description_kind":"plain","optional":true},"wide_metric":{"type":"number","description_kind":"plain","optional":true}},"description_kind":"plain"}}},"description_kind":"plain"},"max_items":1},"sampling_enable":{"nesting_mode":"list","block":{"attributes":{"counters1":{"type":"string","description_kind":"plain","optional":true}},"description_kind":"plain"}}},"description_kind":"plain"}},"thunder_interface_lif_ip":{"version":0,"block":{"attributes":{"allow_promiscuous_vip":{"type":"number","description_kind":"plain","optional":true},"cache_spoofing_port":{"type":"number","description_kind":"plain","optional":true},"dhcp":{"type":"number","description_kind":"plain","optional":true},"generate_membership_query":{"type":"number","description_kind":"plain","optional":true},"id":{"type":"string","description_kind":"plain","optional":true,"computed":true},"ifname":{"type":"string","description_kind":"plain","optional":true},"inside":{"type":"number","description_kind":"plain","optional":true},"max_resp_time":{"type":"number","description_kind":"plain","optional":true},"outside":{"type":"number","description_kind":"plain","optional":true},"query_interval":{"type":"number","description_kind":"plain","optional":true},"uuid":{"type":"string","description_kind":"plain","optional":true}},"block_types":{"address_list":{"nesting_mode":"list","block":{"attributes":{"ipv4_address":{"type":"string","description_kind":"plain","optional":true},"ipv4_netmask":{"type":"string","description_kind":"plain","optional":true}},"description_kind":"plain"}},"ospf":{"nesting_mode":"list","block":{"block_types":{"ospf_global":{"nesting_mode":"list","block":{"attributes":{"authentication_key":{"type":"string","description_kind":"plain","optional":true},"cost":{"type":"number","description_kind":"plain","optional":true},"dead_interval":{"type":"number","description_kind":"plain","optional":true},"disable":{"type":"string","description_kind":"plain","optional":true},"hello_interval":{"type":"number","description_kind":"plain","optional":true},"mtu":{"type":"number","description_kind":"plain","optional":true},"mtu_ignore":{"type":"number","description_kind":"plain","optional":true},"priority":{"type":"number","description_kind":"plain","optional":true},"retransmit_interval":{"type":"number","description_kind":"plain","optional":true},"transmit_delay":{"type":"number","description_kind":"plain","optional":true},"uuid":{"type":"string","description_kind":"plain","optional":true}},"block_types":{"authentication_cfg":{"nesting_mode":"list","block":{"attributes":{"authentication":{"type":"number","description_kind":"plain","optional":true},"value":{"type":"string","description_kind":"plain","optional":true}},"description_kind":"plain"},"max_items":1},"bfd_cfg":{"nesting_mode":"list","block":{"attributes":{"bfd":{"type":"number","description_kind":"plain","optional":true},"disable":{"type":"number","description_kind":"plain","optional":true}},"description_kind":"plain"},"max_items":1},"database_filter_cfg":{"nesting_mode":"list","block":{"attributes":{"database_filter":{"type":"string","description_kind":"plain","optional":true},"out":{"type":"number","description_kind":"plain","optional":true}},"description_kind":"plain"},"max_items":1},"message_digest_cfg":{"nesting_mode":"list","block":{"attributes":{"md5_value":{"type":"string","description_kind":"plain","optional":true},"message_digest_key":{"type":"number","description_kind":"plain","optional":true}},"description_kind":"plain"}},"network":{"nesting_mode":"list","block":{"attributes":{"broadcast":{"type":"number","description_kind":"plain","optional":true},"non_broadcast":{"type":"number","description_kind":"plain","optional":true},"p2mp_nbma":{"type":"number","description_kind":"plain","optional":true},"point_to_multipoint":{"type":"number","description_kind":"plain","optional":true},"point_to_point":{"type":"number","description_kind":"plain","optional":true}},"description_kind":"plain"},"max_items":1}},"description_kind":"plain"},"max_items":1},"ospf_ip_list":{"nesting_mode":"list","block":{"attributes":{"authentication":{"type":"number","description_kind":"plain","optional":true},"authentication_key":{"type":"string","description_kind":"plain","optional":true},"cost":{"type":"number","description_kind":"plain","optional":true},"database_filter":{"type":"string","description_kind":"plain","optional":true},"dead_interval":{"type":"number","description_kind":"plain","optional":true},"hello_interval":{"type":"number","description_kind":"plain","optional":true},"ip_addr":{"type":"string","description_kind":"plain","optional":true},"mtu_ignore":{"type":"number","description_kind":"plain","optional":true},"out":{"type":"number","description_kind":"plain","optional":true},"priority":{"type":"number","description_kind":"plain","optional":true},"retransmit_interval":{"type":"number","description_kind":"plain","optional":true},"transmit_delay":{"type":"number","description_kind":"plain","optional":true},"uuid":{"type":"string","description_kind":"plain","optional":true},"value":{"type":"string","description_kind":"plain","optional":true}},"block_types":{"message_digest_cfg":{"nesting_mode":"list","block":{"attributes":{"md5_value":{"type":"string","description_kind":"plain","optional":true},"message_digest_key":{"type":"number","description_kind":"plain","optional":true}},"description_kind":"plain"}}},"description_kind":"plain"}}},"description_kind":"plain"},"max_items":1},"rip":{"nesting_mode":"list","block":{"attributes":{"receive_packet":{"type":"number","description_kind":"plain","optional":true},"send_packet":{"type":"number","description_kind":"plain","optional":true},"uuid":{"type":"string","description_kind":"plain","optional":true}},"block_types":{"authentication":{"nesting_mode":"list","block":{"block_types":{"key_chain":{"nesting_mode":"list","block":{"attributes":{"key_chain":{"type":"string","description_kind":"plain","optional":true}},"description_kind":"plain"},"max_items":1},"mode":{"nesting_mode":"list","block":{"attributes":{"mode":{"type":"string","description_kind":"plain","optional":true}},"description_kind":"plain"},"max_items":1},"str":{"nesting_mode":"list","block":{"attributes":{"string":{"type":"string","description_kind":"plain","optional":true}},"description_kind":"plain"},"max_items":1}},"description_kind":"plain"},"max_items":1},"receive_cfg":{"nesting_mode":"list","block":{"attributes":{"receive":{"type":"number","description_kind":"plain","optional":true},"version":{"type":"string","description_kind":"plain","optional":true}},"description_kind":"plain"},"max_items":1},"send_cfg":{"nesting_mode":"list","block":{"attributes":{"send":{"type":"number","description_kind":"plain","optional":true},"version":{"type":"string","description_kind":"plain","optional":true}},"description_kind":"plain"},"max_items":1},"split_horizon_cfg":{"nesting_mode":"list","block":{"attributes":{"state":{"type":"string","description_kind":"plain","optional":true}},"description_kind":"plain"},"max_items":1}},"description_kind":"plain"},"max_items":1},"router":{"nesting_mode":"list","block":{"block_types":{"isis":{"nesting_mode":"list","block":{"attributes":{"tag":{"type":"string","description_kind":"plain","optional":true},"uuid":{"type":"string","description_kind":"plain","optional":true}},"description_kind":"plain"},"max_items":1}},"description_kind":"plain"},"max_items":1}},"description_kind":"plain"}},"thunder_interface_management":{"version":0,"block":{"attributes":{"action":{"type":"string","description_kind":"plain","optional":true},"duplexity":{"type":"string","description_kind":"plain","optional":true},"flow_control":{"type":"number","description_kind":"plain","optional":true},"id":{"type":"string","description_kind":"plain","optional":true,"computed":true},"speed":{"type":"string","description_kind":"plain","optional":true},"uuid":{"type":"string","description_kind":"plain","optional":true}},"block_types":{"access_list":{"nesting_mode":"list","block":{"attributes":{"acl_id":{"type":"number","description_kind":"plain","optional":true},"acl_name":{"type":"string","description_kind":"plain","optional":true}},"description_kind":"plain"},"max_items":1},"broadcast_rate_limit":{"nesting_mode":"list","block":{"attributes":{"bcast_rate_limit_enable":{"type":"number","description_kind":"plain","optional":true},"rate":{"type":"number","description_kind":"plain","optional":true}},"description_kind":"plain"},"max_items":1},"ip":{"nesting_mode":"list","block":{"attributes":{"control_apps_use_mgmt_port":{"type":"number","description_kind":"plain","optional":true},"default_gateway":{"type":"string","description_kind":"plain","optional":true},"dhcp":{"type":"number","description_kind":"plain","optional":true},"ipv4_address":{"type":"string","description_kind":"plain","optional":true},"ipv4_netmask":{"type":"string","description_kind":"plain","optional":true}},"description_kind":"plain"},"max_items":1},"ipv6":{"nesting_mode":"list","block":{"attributes":{"address_type":{"type":"string","description_kind":"plain","optional":true},"default_ipv6_gateway":{"type":"string","description_kind":"plain","optional":true},"inbound":{"type":"number","description_kind":"plain","optional":true},"ipv6_addr":{"type":"string","description_kind":"plain","optional":true},"v6_acl_name":{"type":"string","description_kind":"plain","optional":true}},"description_kind":"plain"}},"lldp":{"nesting_mode":"list","block":{"attributes":{"uuid":{"type":"string","description_kind":"plain","optional":true}},"block_types":{"enable_cfg":{"nesting_mode":"list","block":{"attributes":{"rt_enable":{"type":"number","description_kind":"plain","optional":true},"rx":{"type":"number","description_kind":"plain","optional":true},"tx":{"type":"number","description_kind":"plain","optional":true}},"description_kind":"plain"},"max_items":1},"notification_cfg":{"nesting_mode":"list","block":{"attributes":{"notif_enable":{"type":"number","description_kind":"plain","optional":true},"notification":{"type":"number","description_kind":"plain","optional":true}},"description_kind":"plain"},"max_items":1},"tx_dot1_cfg":{"nesting_mode":"list","block":{"attributes":{"link_aggregation":{"type":"number","description_kind":"plain","optional":true},"tx_dot1_tlvs":{"type":"number","description_kind":"plain","optional":true},"vlan":{"type":"number","description_kind":"plain","optional":true}},"description_kind":"plain"},"max_items":1},"tx_tlvs_cfg":{"nesting_mode":"list","block":{"attributes":{"exclude":{"type":"number","description_kind":"plain","optional":true},"management_address":{"type":"number","description_kind":"plain","optional":true},"port_description":{"type":"number","description_kind":"plain","optional":true},"system_capabilities":{"type":"number","description_kind":"plain","optional":true},"system_description":{"type":"number","description_kind":"plain","optional":true},"system_name":{"type":"number","description_kind":"plain","optional":true},"tx_tlvs":{"type":"number","description_kind":"plain","optional":true}},"description_kind":"plain"},"max_items":1}},"description_kind":"plain"},"max_items":1},"sampling_enable":{"nesting_mode":"list","block":{"attributes":{"counters1":{"type":"string","description_kind":"plain","optional":true}},"description_kind":"plain"}},"secondary_ip":{"nesting_mode":"list","block":{"attributes":{"control_apps_use_mgmt_port":{"type":"number","description_kind":"plain","optional":true},"default_gateway":{"type":"string","description_kind":"plain","optional":true},"dhcp":{"type":"number","description_kind":"plain","optional":true},"ipv4_address":{"type":"string","description_kind":"plain","optional":true},"ipv4_netmask":{"type":"string","description_kind":"plain","optional":true},"secondary_ip":{"type":"number","description_kind":"plain","optional":true}},"description_kind":"plain"},"max_items":1}},"description_kind":"plain"}},"thunder_interface_ve":{"version":0,"block":{"attributes":{"action":{"type":"string","description_kind":"plain","optional":true},"id":{"type":"string","description_kind":"plain","optional":true,"computed":true},"ifnum":{"type":"number","description_kind":"plain","optional":true},"l3_vlan_fwd_disable":{"type":"number","description_kind":"plain","optional":true},"mtu":{"type":"number","description_kind":"plain","optional":true},"name":{"type":"string","description_kind":"plain","optional":true},"trap_source":{"type":"number","description_kind":"plain","optional":true},"user_tag":{"type":"string","description_kind":"plain","optional":true},"uuid":{"type":"string","description_kind":"plain","optional":true}},"block_types":{"access_list":{"nesting_mode":"list","block":{"attributes":{"acl_id":{"type":"number","description_kind":"plain","optional":true},"acl_name":{"type":"string","description_kind":"plain","optional":true}},"description_kind":"plain"},"max_items":1},"bfd":{"nesting_mode":"list","block":{"attributes":{"demand":{"type":"number","description_kind":"plain","optional":true},"echo":{"type":"number","description_kind":"plain","optional":true},"uuid":{"type":"string","description_kind":"plain","optional":true}},"block_types":{"authentication":{"nesting_mode":"list","block":{"attributes":{"encrypted":{"type":"string","description_kind":"plain","optional":true},"key_id":{"type":"number","description_kind":"plain","optional":true},"method":{"type":"string","description_kind":"plain","optional":true},"password":{"type":"string","description_kind":"plain","optional":true}},"description_kind":"plain"},"max_items":1},"interval_cfg":{"nesting_mode":"list","block":{"attributes":{"interval":{"type":"number","description_kind":"plain","optional":true},"min_rx":{"type":"number","description_kind":"plain","optional":true},"multiplier":{"type":"number","description_kind":"plain","optional":true}},"description_kind":"plain"},"max_items":1}},"description_kind":"plain"},"max_items":1},"ddos":{"nesting_mode":"list","block":{"attributes":{"inside":{"type":"number","description_kind":"plain","optional":true},"outside":{"type":"number","description_kind":"plain","optional":true},"uuid":{"type":"string","description_kind":"plain","optional":true}},"description_kind":"plain"},"max_items":1},"icmp_rate_limit":{"nesting_mode":"list","block":{"attributes":{"lockup":{"type":"number","description_kind":"plain","optional":true},"lockup_period":{"type":"number","description_kind":"plain","optional":true},"normal":{"type":"number","description_kind":"plain","optional":true}},"description_kind":"plain"},"max_items":1},"icmpv6_rate_limit":{"nesting_mode":"list","block":{"attributes":{"lockup_period_v6":{"type":"number","description_kind":"plain","optional":true},"lockup_v6":{"type":"number","description_kind":"plain","optional":true},"normal_v6":{"type":"number","description_kind":"plain","optional":true}},"description_kind":"plain"},"max_items":1},"ip":{"nesting_mode":"list","block":{"attributes":{"allow_promiscuous_vip":{"type":"number","description_kind":"plain","optional":true},"client":{"type":"number","description_kind":"plain","optional":true},"dhcp":{"type":"number","description_kind":"plain","optional":true},"generate_membership_query":{"type":"number","description_kind":"plain","optional":true},"inside":{"type":"number","description_kind":"plain","optional":true},"max_resp_time":{"type":"number","description_kind":"plain","optional":true},"outside":{"type":"number","description_kind":"plain","optional":true},"query_interval":{"type":"number","description_kind":"plain","optional":true},"server":{"type":"number","description_kind":"plain","optional":true},"slb_partition_redirect":{"type":"number","description_kind":"plain","optional":true},"ttl_ignore":{"type":"number","description_kind":"plain","optional":true},"uuid":{"type":"string","description_kind":"plain","optional":true}},"block_types":{"address_list":{"nesting_mode":"list","block":{"attributes":{"address_type":{"type":"string","description_kind":"plain","optional":true},"ipv6_addr":{"type":"string","description_kind":"plain","optional":true}},"description_kind":"plain"}},"helper_address_list":{"nesting_mode":"list","block":{"attributes":{"helper_address":{"type":"string","description_kind":"plain","optional":true}},"description_kind":"plain"}},"ospf":{"nesting_mode":"list","block":{"block_types":{"ospf_global":{"nesting_mode":"list","block":{"attributes":{"authentication_key":{"type":"string","description_kind":"plain","optional":true},"cost":{"type":"number","description_kind":"plain","optional":true},"dead_interval":{"type":"number","description_kind":"plain","optional":true},"disable":{"type":"string","description_kind":"plain","optional":true},"hello_interval":{"type":"number","description_kind":"plain","optional":true},"mtu":{"type":"number","description_kind":"plain","optional":true},"mtu_ignore":{"type":"number","description_kind":"plain","optional":true},"priority":{"type":"number","description_kind":"plain","optional":true},"retransmit_interval":{"type":"number","description_kind":"plain","optional":true},"transmit_delay":{"type":"number","description_kind":"plain","optional":true},"uuid":{"type":"string","description_kind":"plain","optional":true}},"block_types":{"authentication_cfg":{"nesting_mode":"list","block":{"attributes":{"authentication":{"type":"number","description_kind":"plain","optional":true},"value":{"type":"string","description_kind":"plain","optional":true}},"description_kind":"plain"},"max_items":1},"bfd_cfg":{"nesting_mode":"list","block":{"attributes":{"bfd":{"type":"number","description_kind":"plain","optional":true},"disable":{"type":"number","description_kind":"plain","optional":true}},"description_kind":"plain"},"max_items":1},"database_filter_cfg":{"nesting_mode":"list","block":{"attributes":{"database_filter":{"type":"string","description_kind":"plain","optional":true},"out":{"type":"number","description_kind":"plain","optional":true}},"description_kind":"plain"},"max_items":1},"message_digest_cfg":{"nesting_mode":"list","block":{"attributes":{"message_digest_key":{"type":"number","description_kind":"plain","optional":true}},"block_types":{"md5":{"nesting_mode":"list","block":{"attributes":{"encrypted":{"type":"string","description_kind":"plain","optional":true},"md5_value":{"type":"string","description_kind":"plain","optional":true}},"description_kind":"plain"},"max_items":1}},"description_kind":"plain"}},"network":{"nesting_mode":"list","block":{"attributes":{"broadcast":{"type":"number","description_kind":"plain","optional":true},"non_broadcast":{"type":"number","description_kind":"plain","optional":true},"p2mp_nbma":{"type":"number","description_kind":"plain","optional":true},"point_to_multipoint":{"type":"number","description_kind":"plain","optional":true},"point_to_point":{"type":"number","description_kind":"plain","optional":true}},"description_kind":"plain"},"max_items":1}},"description_kind":"plain"},"max_items":1},"ospf_ip_list":{"nesting_mode":"list","block":{"attributes":{"authentication":{"type":"number","description_kind":"plain","optional":true},"authentication_key":{"type":"string","description_kind":"plain","optional":true},"cost":{"type":"number","description_kind":"plain","optional":true},"database_filter":{"type":"string","description_kind":"plain","optional":true},"dead_interval":{"type":"number","description_kind":"plain","optional":true},"hello_interval":{"type":"number","description_kind":"plain","optional":true},"ip_addr":{"type":"string","description_kind":"plain","optional":true},"mtu_ignore":{"type":"number","description_kind":"plain","optional":true},"out":{"type":"number","description_kind":"plain","optional":true},"priority":{"type":"number","description_kind":"plain","optional":true},"retransmit_interval":{"type":"number","description_kind":"plain","optional":true},"transmit_delay":{"type":"number","description_kind":"plain","optional":true},"uuid":{"type":"string","description_kind":"plain","optional":true},"value":{"type":"string","description_kind":"plain","optional":true}},"block_types":{"message_digest_cfg":{"nesting_mode":"list","block":{"attributes":{"message_digest_key":{"type":"number","description_kind":"plain","optional":true}},"block_types":{"md5":{"nesting_mode":"list","block":{"attributes":{"encrypted":{"type":"string","description_kind":"plain","optional":true},"md5_value":{"type":"string","description_kind":"plain","optional":true}},"description_kind":"plain"},"max_items":1}},"description_kind":"plain"}}},"description_kind":"plain"}}},"description_kind":"plain"},"max_items":1},"rip":{"nesting_mode":"list","block":{"attributes":{"receive_packet":{"type":"number","description_kind":"plain","optional":true},"send_packet":{"type":"number","description_kind":"plain","optional":true},"uuid":{"type":"string","description_kind":"plain","optional":true}},"block_types":{"authentication":{"nesting_mode":"list","block":{"block_types":{"key_chain":{"nesting_mode":"list","block":{"attributes":{"key_chain":{"type":"string","description_kind":"plain","optional":true}},"description_kind":"plain"},"max_items":1},"mode":{"nesting_mode":"list","block":{"attributes":{"mode":{"type":"string","description_kind":"plain","optional":true}},"description_kind":"plain"},"max_items":1},"str":{"nesting_mode":"list","block":{"attributes":{"string":{"type":"string","description_kind":"plain","optional":true}},"description_kind":"plain"},"max_items":1}},"description_kind":"plain"},"max_items":1},"receive_cfg":{"nesting_mode":"list","block":{"attributes":{"receive":{"type":"number","description_kind":"plain","optional":true},"version":{"type":"string","description_kind":"plain","optional":true}},"description_kind":"plain"},"max_items":1},"send_cfg":{"nesting_mode":"list","block":{"attributes":{"send":{"type":"number","description_kind":"plain","optional":true},"version":{"type":"string","description_kind":"plain","optional":true}},"description_kind":"plain"},"max_items":1},"split_horizon_cfg":{"nesting_mode":"list","block":{"attributes":{"state":{"type":"string","description_kind":"plain","optional":true}},"description_kind":"plain"},"max_items":1}},"description_kind":"plain"},"max_items":1},"router":{"nesting_mode":"list","block":{"block_types":{"isis":{"nesting_mode":"list","block":{"attributes":{"tag":{"type":"string","description_kind":"plain","optional":true},"uuid":{"type":"string","description_kind":"plain","optional":true}},"description_kind":"plain"},"max_items":1}},"description_kind":"plain"},"max_items":1},"stateful_firewall":{"nesting_mode":"list","block":{"attributes":{"access_list":{"type":"number","description_kind":"plain","optional":true},"acl_id":{"type":"number","description_kind":"plain","optional":true},"class_list":{"type":"string","description_kind":"plain","optional":true},"inside":{"type":"number","description_kind":"plain","optional":true},"outside":{"type":"number","description_kind":"plain","optional":true},"uuid":{"type":"string","description_kind":"plain","optional":true}},"description_kind":"plain"},"max_items":1}},"description_kind":"plain"},"max_items":1},"ipv6":{"nesting_mode":"list","block":{"attributes":{"inbound":{"type":"number","description_kind":"plain","optional":true},"inside":{"type":"number","description_kind":"plain","optional":true},"ipv6_enable":{"type":"number","description_kind":"plain","optional":true},"outside":{"type":"number","description_kind":"plain","optional":true},"ttl_ignore":{"type":"number","description_kind":"plain","optional":true},"uuid":{"type":"string","description_kind":"plain","optional":true},"v6_acl_name":{"type":"string","description_kind":"plain","optional":true}},"block_types":{"address_list":{"nesting_mode":"list","block":{"attributes":{"address_type":{"type":"string","description_kind":"plain","optional":true},"ipv6_addr":{"type":"string","description_kind":"plain","optional":true}},"description_kind":"plain"}},"ospf":{"nesting_mode":"list","block":{"attributes":{"bfd":{"type":"number","description_kind":"plain","optional":true},"disable":{"type":"number","description_kind":"plain","optional":true},"uuid":{"type":"string","description_kind":"plain","optional":true}},"block_types":{"cost_cfg":{"nesting_mode":"list","block":{"attributes":{"cost":{"type":"number","description_kind":"plain","optional":true},"instance_id":{"type":"number","description_kind":"plain","optional":true}},"description_kind":"plain"}},"dead_interval_cfg":{"nesting_mode":"list","block":{"attributes":{"dead_interval":{"type":"number","description_kind":"plain","optional":true},"instance_id":{"type":"number","description_kind":"plain","optional":true}},"description_kind":"plain"}},"hello_interval_cfg":{"nesting_mode":"list","block":{"attributes":{"hello_interval":{"type":"number","description_kind":"plain","optional":true},"instance_id":{"type":"number","description_kind":"plain","optional":true}},"description_kind":"plain"}},"mtu_ignore_cfg":{"nesting_mode":"list","block":{"attributes":{"instance_id":{"type":"number","description_kind":"plain","optional":true},"mtu_ignore":{"type":"number","description_kind":"plain","optional":true}},"description_kind":"plain"}},"neighbor_cfg":{"nesting_mode":"list","block":{"attributes":{"neig_inst":{"type":"number","description_kind":"plain","optional":true},"neighbor":{"type":"string","description_kind":"plain","optional":true},"neighbor_cost":{"type":"number","description_kind":"plain","optional":true},"neighbor_poll_interval":{"type":"number","description_kind":"plain","optional":true},"neighbor_priority":{"type":"number","description_kind":"plain","optional":true}},"description_kind":"plain"}},"network_list":{"nesting_mode":"list","block":{"attributes":{"broadcast_type":{"type":"string","description_kind":"plain","optional":true},"network_instance_id":{"type":"number","description_kind":"plain","optional":true},"p2mp_nbma":{"type":"number","description_kind":"plain","optional":true}},"description_kind":"plain"}},"priority_cfg":{"nesting_mode":"list","block":{"attributes":{"instance_id":{"type":"number","description_kind":"plain","optional":true},"priority":{"type":"number","description_kind":"plain","optional":true}},"description_kind":"plain"}},"retransmit_interval_cfg":{"nesting_mode":"list","block":{"attributes":{"instance_id":{"type":"number","description_kind":"plain","optional":true},"retransmit_interval":{"type":"number","description_kind":"plain","optional":true}},"description_kind":"plain"}},"transmit_delay_cfg":{"nesting_mode":"list","block":{"attributes":{"instance_id":{"type":"number","description_kind":"plain","optional":true},"transmit_delay":{"type":"number","description_kind":"plain","optional":true}},"description_kind":"plain"}}},"description_kind":"plain"},"max_items":1},"rip":{"nesting_mode":"list","block":{"attributes":{"uuid":{"type":"string","description_kind":"plain","optional":true}},"block_types":{"split_horizon_cfg":{"nesting_mode":"list","block":{"attributes":{"state":{"type":"string","description_kind":"plain","optional":true}},"description_kind":"plain"},"max_items":1}},"description_kind":"plain"},"max_items":1},"router":{"nesting_mode":"list","block":{"block_types":{"isis":{"nesting_mode":"list","block":{"attributes":{"tag":{"type":"string","description_kind":"plain","optional":true},"uuid":{"type":"string","description_kind":"plain","optional":true}},"description_kind":"plain"},"max_items":1},"ospf":{"nesting_mode":"list","block":{"attributes":{"uuid":{"type":"string","description_kind":"plain","optional":true}},"block_types":{"area_list":{"nesting_mode":"list","block":{"attributes":{"area_id_addr":{"type":"string","description_kind":"plain","optional":true},"area_id_num":{"type":"number","description_kind":"plain","optional":true},"instance_id":{"type":"number","description_kind":"plain","optional":true},"tag":{"type":"string","description_kind":"plain","optional":true}},"description_kind":"plain"}}},"description_kind":"plain"},"max_items":1},"ripng":{"nesting_mode":"list","block":{"attributes":{"rip":{"type":"number","description_kind":"plain","optional":true},"uuid":{"type":"string","description_kind":"plain","optional":true}},"description_kind":"plain"},"max_items":1}},"description_kind":"plain"},"max_items":1},"router_adver":{"nesting_mode":"list","block":{"attributes":{"action":{"type":"string","description_kind":"plain","optional":true},"adver_mtu":{"type":"number","description_kind":"plain","optional":true},"adver_mtu_disable":{"type":"number","description_kind":"plain","optional":true},"adver_vrid":{"type":"number","description_kind":"plain","optional":true},"adver_vrid_default":{"type":"number","description_kind":"plain","optional":true},"default_lifetime":{"type":"number","description_kind":"plain","optional":true},"floating_ip":{"type":"string","description_kind":"plain","optional":true},"floating_ip_default_vrid":{"type":"string","description_kind":"plain","optional":true},"hop_limit":{"type":"number","description_kind":"plain","optional":true},"managed_config_action":{"type":"string","description_kind":"plain","optional":true},"max_interval":{"type":"number","description_kind":"plain","optional":true},"min_interval":{"type":"number","description_kind":"plain","optional":true},"other_config_action":{"type":"string","description_kind":"plain","optional":true},"rate_limit":{"type":"number","description_kind":"plain","optional":true},"reachable_time":{"type":"number","description_kind":"plain","optional":true},"retransmit_timer":{"type":"number","description_kind":"plain","optional":true},"use_floating_ip":{"type":"number","description_kind":"plain","optional":true},"use_floating_ip_default_vrid":{"type":"number","description_kind":"plain","optional":true}},"block_types":{"prefix_list":{"nesting_mode":"list","block":{"attributes":{"not_autonomous":{"type":"number","description_kind":"plain","optional":true},"not_on_link":{"type":"number","description_kind":"plain","optional":true},"preferred_lifetime":{"type":"number","description_kind":"plain","optional":true},"prefix":{"type":"string","description_kind":"plain","optional":true},"valid_lifetime":{"type":"number","description_kind":"plain","optional":true}},"description_kind":"plain"}}},"description_kind":"plain"},"max_items":1},"stateful_firewall":{"nesting_mode":"list","block":{"attributes":{"access_list":{"type":"number","description_kind":"plain","optional":true},"acl_name":{"type":"string","description_kind":"plain","optional":true},"class_list":{"type":"string","description_kind":"plain","optional":true},"inside":{"type":"number","description_kind":"plain","optional":true},"outside":{"type":"number","description_kind":"plain","optional":true},"uuid":{"type":"string","description_kind":"plain","optional":true}},"description_kind":"plain"},"max_items":1}},"description_kind":"plain"},"max_items":1},"isis":{"nesting_mode":"list","block":{"attributes":{"circuit_type":{"type":"string","description_kind":"plain","optional":true},"lsp_interval":{"type":"number","description_kind":"plain","optional":true},"network":{"type":"string","description_kind":"plain","optional":true},"padding":{"type":"number","description_kind":"plain","optional":true},"retransmit_interval":{"type":"number","description_kind":"plain","optional":true},"uuid":{"type":"string","description_kind":"plain","optional":true}},"block_types":{"authentication":{"nesting_mode":"list","block":{"block_types":{"key_chain_list":{"nesting_mode":"list","block":{"attributes":{"key_chain":{"type":"string","description_kind":"plain","optional":true},"level":{"type":"string","description_kind":"plain","optional":true}},"description_kind":"plain"}},"mode_list":{"nesting_mode":"list","block":{"attributes":{"level":{"type":"string","description_kind":"plain","optional":true},"mode":{"type":"string","description_kind":"plain","optional":true}},"description_kind":"plain"}},"send_only_list":{"nesting_mode":"list","block":{"attributes":{"level":{"type":"string","description_kind":"plain","optional":true},"send_only":{"type":"number","description_kind":"plain","optional":true}},"description_kind":"plain"}}},"description_kind":"plain"},"max_items":1},"bfd_cfg":{"nesting_mode":"list","block":{"attributes":{"bfd":{"type":"number","description_kind":"plain","optional":true},"disable":{"type":"number","description_kind":"plain","optional":true}},"description_kind":"plain"},"max_items":1},"csnp_interval_list":{"nesting_mode":"list","block":{"attributes":{"csnp_interval":{"type":"number","description_kind":"plain","optional":true},"level":{"type":"string","description_kind":"plain","optional":true}},"description_kind":"plain"}},"hello_interval_list":{"nesting_mode":"list","block":{"attributes":{"hello_interval":{"type":"number","description_kind":"plain","optional":true},"level":{"type":"string","description_kind":"plain","optional":true}},"description_kind":"plain"}},"hello_interval_minimal_list":{"nesting_mode":"list","block":{"attributes":{"hello_interval_minimal":{"type":"number","description_kind":"plain","optional":true},"level":{"type":"string","description_kind":"plain","optional":true}},"description_kind":"plain"}},"hello_multiplier_list":{"nesting_mode":"list","block":{"attributes":{"hello_multiplier":{"type":"number","description_kind":"plain","optional":true},"level":{"type":"string","description_kind":"plain","optional":true}},"description_kind":"plain"}},"mesh_group":{"nesting_mode":"list","block":{"attributes":{"blocked":{"type":"number","description_kind":"plain","optional":true},"value":{"type":"number","description_kind":"plain","optional":true}},"description_kind":"plain"},"max_items":1},"metric_list":{"nesting_mode":"list","block":{"attributes":{"level":{"type":"string","description_kind":"plain","optional":true},"metric":{"type":"number","description_kind":"plain","optional":true}},"description_kind":"plain"}},"password_list":{"nesting_mode":"list","block":{"attributes":{"level":{"type":"string","description_kind":"plain","optional":true},"password":{"type":"string","description_kind":"plain","optional":true}},"description_kind":"plain"}},"priority_list":{"nesting_mode":"list","block":{"attributes":{"level":{"type":"string","description_kind":"plain","optional":true},"priority":{"type":"number","description_kind":"plain","optional":true}},"description_kind":"plain"}},"wide_metric_list":{"nesting_mode":"list","block":{"attributes":{"level":{"type":"string","description_kind":"plain","optional":true},"wide_metric":{"type":"number","description_kind":"plain","optional":true}},"description_kind":"plain"}}},"description_kind":"plain"},"max_items":1},"lw_4o6":{"nesting_mode":"list","block":{"attributes":{"inside":{"type":"number","description_kind":"plain","optional":true},"outside":{"type":"number","description_kind":"plain","optional":true},"uuid":{"type":"string","description_kind":"plain","optional":true}},"description_kind":"plain"},"max_items":1},"map":{"nesting_mode":"list","block":{"attributes":{"inside":{"type":"number","description_kind":"plain","optional":true},"map_t_inside":{"type":"number","description_kind":"plain","optional":true},"map_t_outside":{"type":"number","description_kind":"plain","optional":true},"outside":{"type":"number","description_kind":"plain","optional":true},"uuid":{"type":"string","description_kind":"plain","optional":true}},"description_kind":"plain"},"max_items":1},"nptv6":{"nesting_mode":"list","block":{"block_types":{"domain_list":{"nesting_mode":"list","block":{"attributes":{"bind_type":{"type":"string","description_kind":"plain","optional":true},"domain_name":{"type":"string","description_kind":"plain","optional":true},"uuid":{"type":"string","description_kind":"plain","optional":true}},"description_kind":"plain"}}},"description_kind":"plain"},"max_items":1},"sampling_enable":{"nesting_mode":"list","block":{"attributes":{"counters1":{"type":"string","description_kind":"plain","optional":true}},"description_kind":"plain"}}},"description_kind":"plain"}},"thunder_interface_ve_bfd":{"version":0,"block":{"attributes":{"demand":{"type":"number","description_kind":"plain","optional":true},"echo":{"type":"number","description_kind":"plain","optional":true},"id":{"type":"string","description_kind":"plain","optional":true,"computed":true},"ifnum":{"type":"number","description_kind":"plain","optional":true},"uuid":{"type":"string","description_kind":"plain","optional":true}},"block_types":{"authentication":{"nesting_mode":"list","block":{"attributes":{"encrypted":{"type":"string","description_kind":"plain","optional":true},"key_id":{"type":"number","description_kind":"plain","optional":true},"method":{"type":"string","description_kind":"plain","optional":true},"password":{"type":"string","description_kind":"plain","optional":true}},"description_kind":"plain"},"max_items":1},"interval_cfg":{"nesting_mode":"list","block":{"attributes":{"interval":{"type":"number","description_kind":"plain","optional":true},"min_rx":{"type":"number","description_kind":"plain","optional":true},"multiplier":{"type":"number","description_kind":"plain","optional":true}},"description_kind":"plain"},"max_items":1}},"description_kind":"plain"}},"thunder_interface_ve_ip":{"version":0,"block":{"attributes":{"allow_promiscuous_vip":{"type":"number","description_kind":"plain","optional":true},"client":{"type":"number","description_kind":"plain","optional":true},"dhcp":{"type":"number","description_kind":"plain","optional":true},"generate_membership_query":{"type":"number","description_kind":"plain","optional":true},"id":{"type":"string","description_kind":"plain","optional":true,"computed":true},"ifnum":{"type":"number","description_kind":"plain","optional":true},"inside":{"type":"number","description_kind":"plain","optional":true},"max_resp_time":{"type":"number","description_kind":"plain","optional":true},"outside":{"type":"number","description_kind":"plain","optional":true},"query_interval":{"type":"number","description_kind":"plain","optional":true},"server":{"type":"number","description_kind":"plain","optional":true},"slb_partition_redirect":{"type":"number","description_kind":"plain","optional":true},"ttl_ignore":{"type":"number","description_kind":"plain","optional":true},"uuid":{"type":"string","description_kind":"plain","optional":true}},"block_types":{"address_list":{"nesting_mode":"list","block":{"attributes":{"ipv4_address":{"type":"string","description_kind":"plain","optional":true},"ipv4_netmask":{"type":"string","description_kind":"plain","optional":true}},"description_kind":"plain"}},"helper_address_list":{"nesting_mode":"list","block":{"attributes":{"helper_address":{"type":"string","description_kind":"plain","optional":true}},"description_kind":"plain"}},"ospf":{"nesting_mode":"list","block":{"block_types":{"ospf_global":{"nesting_mode":"list","block":{"attributes":{"authentication_key":{"type":"string","description_kind":"plain","optional":true},"cost":{"type":"number","description_kind":"plain","optional":true},"dead_interval":{"type":"number","description_kind":"plain","optional":true},"disable":{"type":"string","description_kind":"plain","optional":true},"hello_interval":{"type":"number","description_kind":"plain","optional":true},"mtu":{"type":"number","description_kind":"plain","optional":true},"mtu_ignore":{"type":"number","description_kind":"plain","optional":true},"priority":{"type":"number","description_kind":"plain","optional":true},"retransmit_interval":{"type":"number","description_kind":"plain","optional":true},"transmit_delay":{"type":"number","description_kind":"plain","optional":true},"uuid":{"type":"string","description_kind":"plain","optional":true}},"block_types":{"authentication_cfg":{"nesting_mode":"list","block":{"attributes":{"authentication":{"type":"number","description_kind":"plain","optional":true},"value":{"type":"string","description_kind":"plain","optional":true}},"description_kind":"plain"},"max_items":1},"bfd_cfg":{"nesting_mode":"list","block":{"attributes":{"bfd":{"type":"number","description_kind":"plain","optional":true},"disable":{"type":"number","description_kind":"plain","optional":true}},"description_kind":"plain"},"max_items":1},"database_filter_cfg":{"nesting_mode":"list","block":{"attributes":{"database_filter":{"type":"string","description_kind":"plain","optional":true},"out":{"type":"number","description_kind":"plain","optional":true}},"description_kind":"plain"},"max_items":1},"message_digest_cfg":{"nesting_mode":"list","block":{"attributes":{"message_digest_key":{"type":"number","description_kind":"plain","optional":true}},"block_types":{"md5":{"nesting_mode":"list","block":{"attributes":{"encrypted":{"type":"string","description_kind":"plain","optional":true},"md5_value":{"type":"string","description_kind":"plain","optional":true}},"description_kind":"plain"},"max_items":1}},"description_kind":"plain"}},"network":{"nesting_mode":"list","block":{"attributes":{"broadcast":{"type":"number","description_kind":"plain","optional":true},"non_broadcast":{"type":"number","description_kind":"plain","optional":true},"p2mp_nbma":{"type":"number","description_kind":"plain","optional":true},"point_to_multipoint":{"type":"number","description_kind":"plain","optional":true},"point_to_point":{"type":"number","description_kind":"plain","optional":true}},"description_kind":"plain"},"max_items":1}},"description_kind":"plain"},"max_items":1},"ospf_ip_list":{"nesting_mode":"list","block":{"attributes":{"authentication":{"type":"number","description_kind":"plain","optional":true},"authentication_key":{"type":"string","description_kind":"plain","optional":true},"cost":{"type":"number","description_kind":"plain","optional":true},"database_filter":{"type":"string","description_kind":"plain","optional":true},"dead_interval":{"type":"number","description_kind":"plain","optional":true},"hello_interval":{"type":"number","description_kind":"plain","optional":true},"ip_addr":{"type":"string","description_kind":"plain","optional":true},"mtu_ignore":{"type":"number","description_kind":"plain","optional":true},"out":{"type":"number","description_kind":"plain","optional":true},"priority":{"type":"number","description_kind":"plain","optional":true},"retransmit_interval":{"type":"number","description_kind":"plain","optional":true},"transmit_delay":{"type":"number","description_kind":"plain","optional":true},"uuid":{"type":"string","description_kind":"plain","optional":true},"value":{"type":"string","description_kind":"plain","optional":true}},"block_types":{"message_digest_cfg":{"nesting_mode":"list","block":{"attributes":{"message_digest_key":{"type":"number","description_kind":"plain","optional":true}},"block_types":{"md5":{"nesting_mode":"list","block":{"attributes":{"encrypted":{"type":"string","description_kind":"plain","optional":true},"md5_value":{"type":"string","description_kind":"plain","optional":true}},"description_kind":"plain"},"max_items":1}},"description_kind":"plain"}}},"description_kind":"plain"}}},"description_kind":"plain"},"max_items":1},"rip":{"nesting_mode":"list","block":{"attributes":{"receive_packet":{"type":"number","description_kind":"plain","optional":true},"send_packet":{"type":"number","description_kind":"plain","optional":true},"uuid":{"type":"string","description_kind":"plain","optional":true}},"block_types":{"authentication":{"nesting_mode":"list","block":{"block_types":{"key_chain":{"nesting_mode":"list","block":{"attributes":{"key_chain":{"type":"string","description_kind":"plain","optional":true}},"description_kind":"plain"},"max_items":1},"mode":{"nesting_mode":"list","block":{"attributes":{"mode":{"type":"string","description_kind":"plain","optional":true}},"description_kind":"plain"},"max_items":1},"str":{"nesting_mode":"list","block":{"attributes":{"string":{"type":"string","description_kind":"plain","optional":true}},"description_kind":"plain"},"max_items":1}},"description_kind":"plain"},"max_items":1},"receive_cfg":{"nesting_mode":"list","block":{"attributes":{"receive":{"type":"number","description_kind":"plain","optional":true},"version":{"type":"string","description_kind":"plain","optional":true}},"description_kind":"plain"},"max_items":1},"send_cfg":{"nesting_mode":"list","block":{"attributes":{"send":{"type":"number","description_kind":"plain","optional":true},"version":{"type":"string","description_kind":"plain","optional":true}},"description_kind":"plain"},"max_items":1},"split_horizon_cfg":{"nesting_mode":"list","block":{"attributes":{"state":{"type":"string","description_kind":"plain","optional":true}},"description_kind":"plain"},"max_items":1}},"description_kind":"plain"},"max_items":1},"router":{"nesting_mode":"list","block":{"block_types":{"isis":{"nesting_mode":"list","block":{"attributes":{"tag":{"type":"string","description_kind":"plain","optional":true},"uuid":{"type":"string","description_kind":"plain","optional":true}},"description_kind":"plain"},"max_items":1}},"description_kind":"plain"},"max_items":1},"stateful_firewall":{"nesting_mode":"list","block":{"attributes":{"access_list":{"type":"number","description_kind":"plain","optional":true},"acl_id":{"type":"number","description_kind":"plain","optional":true},"class_list":{"type":"string","description_kind":"plain","optional":true},"inside":{"type":"number","description_kind":"plain","optional":true},"outside":{"type":"number","description_kind":"plain","optional":true},"uuid":{"type":"string","description_kind":"plain","optional":true}},"description_kind":"plain"},"max_items":1}},"description_kind":"plain"}},"thunder_interface_ve_ipv6":{"version":0,"block":{"attributes":{"id":{"type":"string","description_kind":"plain","optional":true,"computed":true},"ifnum":{"type":"number","description_kind":"plain","optional":true},"inbound":{"type":"number","description_kind":"plain","optional":true},"inside":{"type":"number","description_kind":"plain","optional":true},"ipv6_enable":{"type":"number","description_kind":"plain","optional":true},"outside":{"type":"number","description_kind":"plain","optional":true},"ttl_ignore":{"type":"number","description_kind":"plain","optional":true},"uuid":{"type":"string","description_kind":"plain","optional":true},"v6_acl_name":{"type":"string","description_kind":"plain","optional":true}},"block_types":{"address_list":{"nesting_mode":"list","block":{"attributes":{"address_type":{"type":"string","description_kind":"plain","optional":true},"ipv6_addr":{"type":"string","description_kind":"plain","optional":true}},"description_kind":"plain"}},"ospf":{"nesting_mode":"list","block":{"attributes":{"bfd":{"type":"number","description_kind":"plain","optional":true},"disable":{"type":"number","description_kind":"plain","optional":true},"uuid":{"type":"string","description_kind":"plain","optional":true}},"block_types":{"cost_cfg":{"nesting_mode":"list","block":{"attributes":{"cost":{"type":"number","description_kind":"plain","optional":true},"instance_id":{"type":"number","description_kind":"plain","optional":true}},"description_kind":"plain"}},"dead_interval_cfg":{"nesting_mode":"list","block":{"attributes":{"dead_interval":{"type":"number","description_kind":"plain","optional":true},"instance_id":{"type":"number","description_kind":"plain","optional":true}},"description_kind":"plain"}},"hello_interval_cfg":{"nesting_mode":"list","block":{"attributes":{"hello_interval":{"type":"number","description_kind":"plain","optional":true},"instance_id":{"type":"number","description_kind":"plain","optional":true}},"description_kind":"plain"}},"mtu_ignore_cfg":{"nesting_mode":"list","block":{"attributes":{"instance_id":{"type":"number","description_kind":"plain","optional":true},"mtu_ignore":{"type":"number","description_kind":"plain","optional":true}},"description_kind":"plain"}},"neighbor_cfg":{"nesting_mode":"list","block":{"attributes":{"neig_inst":{"type":"number","description_kind":"plain","optional":true},"neighbor":{"type":"string","description_kind":"plain","optional":true},"neighbor_cost":{"type":"number","description_kind":"plain","optional":true},"neighbor_poll_interval":{"type":"number","description_kind":"plain","optional":true},"neighbor_priority":{"type":"number","description_kind":"plain","optional":true}},"description_kind":"plain"}},"network_list":{"nesting_mode":"list","block":{"attributes":{"broadcast_type":{"type":"string","description_kind":"plain","optional":true},"network_instance_id":{"type":"number","description_kind":"plain","optional":true},"p2mp_nbma":{"type":"number","description_kind":"plain","optional":true}},"description_kind":"plain"}},"priority_cfg":{"nesting_mode":"list","block":{"attributes":{"instance_id":{"type":"number","description_kind":"plain","optional":true},"priority":{"type":"number","description_kind":"plain","optional":true}},"description_kind":"plain"}},"retransmit_interval_cfg":{"nesting_mode":"list","block":{"attributes":{"instance_id":{"type":"number","description_kind":"plain","optional":true},"retransmit_interval":{"type":"number","description_kind":"plain","optional":true}},"description_kind":"plain"}},"transmit_delay_cfg":{"nesting_mode":"list","block":{"attributes":{"instance_id":{"type":"number","description_kind":"plain","optional":true},"transmit_delay":{"type":"number","description_kind":"plain","optional":true}},"description_kind":"plain"}}},"description_kind":"plain"},"max_items":1},"rip":{"nesting_mode":"list","block":{"attributes":{"uuid":{"type":"string","description_kind":"plain","optional":true}},"block_types":{"split_horizon_cfg":{"nesting_mode":"list","block":{"attributes":{"state":{"type":"string","description_kind":"plain","optional":true}},"description_kind":"plain"},"max_items":1}},"description_kind":"plain"},"max_items":1},"router":{"nesting_mode":"list","block":{"block_types":{"isis":{"nesting_mode":"list","block":{"attributes":{"tag":{"type":"string","description_kind":"plain","optional":true},"uuid":{"type":"string","description_kind":"plain","optional":true}},"description_kind":"plain"},"max_items":1},"ospf":{"nesting_mode":"list","block":{"attributes":{"uuid":{"type":"string","description_kind":"plain","optional":true}},"block_types":{"area_list":{"nesting_mode":"list","block":{"attributes":{"area_id_addr":{"type":"string","description_kind":"plain","optional":true},"area_id_num":{"type":"number","description_kind":"plain","optional":true},"instance_id":{"type":"number","description_kind":"plain","optional":true},"tag":{"type":"string","description_kind":"plain","optional":true}},"description_kind":"plain"}}},"description_kind":"plain"},"max_items":1},"ripng":{"nesting_mode":"list","block":{"attributes":{"rip":{"type":"number","description_kind":"plain","optional":true},"uuid":{"type":"string","description_kind":"plain","optional":true}},"description_kind":"plain"},"max_items":1}},"description_kind":"plain"},"max_items":1},"router_adver":{"nesting_mode":"list","block":{"attributes":{"action":{"type":"string","description_kind":"plain","optional":true},"adver_mtu":{"type":"number","description_kind":"plain","optional":true},"adver_mtu_disable":{"type":"number","description_kind":"plain","optional":true},"adver_vrid":{"type":"number","description_kind":"plain","optional":true},"adver_vrid_default":{"type":"number","description_kind":"plain","optional":true},"default_lifetime":{"type":"number","description_kind":"plain","optional":true},"floating_ip":{"type":"string","description_kind":"plain","optional":true},"floating_ip_default_vrid":{"type":"string","description_kind":"plain","optional":true},"hop_limit":{"type":"number","description_kind":"plain","optional":true},"managed_config_action":{"type":"string","description_kind":"plain","optional":true},"max_interval":{"type":"number","description_kind":"plain","optional":true},"min_interval":{"type":"number","description_kind":"plain","optional":true},"other_config_action":{"type":"string","description_kind":"plain","optional":true},"rate_limit":{"type":"number","description_kind":"plain","optional":true},"reachable_time":{"type":"number","description_kind":"plain","optional":true},"retransmit_timer":{"type":"number","description_kind":"plain","optional":true},"use_floating_ip":{"type":"number","description_kind":"plain","optional":true},"use_floating_ip_default_vrid":{"type":"number","description_kind":"plain","optional":true}},"block_types":{"prefix_list":{"nesting_mode":"list","block":{"attributes":{"not_autonomous":{"type":"number","description_kind":"plain","optional":true},"not_on_link":{"type":"number","description_kind":"plain","optional":true},"preferred_lifetime":{"type":"number","description_kind":"plain","optional":true},"prefix":{"type":"string","description_kind":"plain","optional":true},"valid_lifetime":{"type":"number","description_kind":"plain","optional":true}},"description_kind":"plain"}}},"description_kind":"plain"},"max_items":1},"stateful_firewall":{"nesting_mode":"list","block":{"attributes":{"access_list":{"type":"number","description_kind":"plain","optional":true},"acl_name":{"type":"string","description_kind":"plain","optional":true},"class_list":{"type":"string","description_kind":"plain","optional":true},"inside":{"type":"number","description_kind":"plain","optional":true},"outside":{"type":"number","description_kind":"plain","optional":true},"uuid":{"type":"string","description_kind":"plain","optional":true}},"description_kind":"plain"},"max_items":1}},"description_kind":"plain"}},"thunder_ip_address":{"version":0,"block":{"attributes":{"id":{"type":"string","description_kind":"plain","optional":true,"computed":true},"ip_addr":{"type":"string","description_kind":"plain","optional":true},"ip_mask":{"type":"string","description_kind":"plain","optional":true},"uuid":{"type":"string","description_kind":"plain","optional":true}},"description_kind":"plain"}},"thunder_ip_dns_primary":{"version":0,"block":{"attributes":{"id":{"type":"string","description_kind":"plain","optional":true,"computed":true},"ip_v4_addr":{"type":"string","description_kind":"plain","optional":true},"ip_v6_addr":{"type":"string","description_kind":"plain","optional":true},"uuid":{"type":"string","description_kind":"plain","optional":true}},"description_kind":"plain"}},"thunder_ip_dns_secondary":{"version":0,"block":{"attributes":{"id":{"type":"string","description_kind":"plain","optional":true,"computed":true},"ip_v4_addr":{"type":"string","description_kind":"plain","optional":true},"ip_v6_addr":{"type":"string","description_kind":"plain","optional":true},"uuid":{"type":"string","description_kind":"plain","optional":true}},"description_kind":"plain"}},"thunder_ip_dns_suffix":{"version":0,"block":{"attributes":{"domain_name":{"type":"string","description_kind":"plain","optional":true},"id":{"type":"string","description_kind":"plain","optional":true,"computed":true},"uuid":{"type":"string","description_kind":"plain","optional":true}},"description_kind":"plain"}},"thunder_ip_frag":{"version":0,"block":{"attributes":{"buff":{"type":"number","description_kind":"plain","optional":true},"id":{"type":"string","description_kind":"plain","optional":true,"computed":true},"max_packets_per_reassembly":{"type":"number","description_kind":"plain","optional":true},"max_reassembly_sessions":{"type":"number","description_kind":"plain","optional":true},"timeout":{"type":"number","description_kind":"plain","optional":true},"uuid":{"type":"string","description_kind":"plain","optional":true}},"block_types":{"cpu_threshold":{"nesting_mode":"list","block":{"attributes":{"high":{"type":"number","description_kind":"plain","optional":true},"low":{"type":"number","description_kind":"plain","optional":true}},"description_kind":"plain"},"max_items":1},"sampling_enable":{"nesting_mode":"list","block":{"attributes":{"counters1":{"type":"string","description_kind":"plain","optional":true}},"description_kind":"plain"}}},"description_kind":"plain"}},"thunder_ip_icmp":{"version":0,"block":{"attributes":{"id":{"type":"string","description_kind":"plain","optional":true,"computed":true},"redirect":{"type":"number","description_kind":"plain","optional":true},"unreachable":{"type":"number","description_kind":"plain","optional":true},"uuid":{"type":"string","description_kind":"plain","optional":true}},"description_kind":"plain"}},"thunder_ip_nat_alg_pptp":{"version":0,"block":{"attributes":{"id":{"type":"string","description_kind":"plain","optional":true,"computed":true},"pptp":{"type":"string","description_kind":"plain","optional":true},"uuid":{"type":"string","description_kind":"plain","optional":true}},"block_types":{"sampling_enable":{"nesting_mode":"list","block":{"attributes":{"counters1":{"type":"string","description_kind":"plain","optional":true}},"description_kind":"plain"}}},"description_kind":"plain"}},"thunder_ip_nat_global":{"version":0,"block":{"attributes":{"id":{"type":"string","description_kind":"plain","optional":true,"computed":true},"reset_idle_tcp_conn":{"type":"number","description_kind":"plain","optional":true},"uuid":{"type":"string","description_kind":"plain","optional":true}},"description_kind":"plain"}},"thunder_ip_nat_icmp":{"version":0,"block":{"attributes":{"always_source_nat_errors":{"type":"number","description_kind":"plain","optional":true},"id":{"type":"string","description_kind":"plain","optional":true,"computed":true},"respond_to_ping":{"type":"number","description_kind":"plain","optional":true},"uuid":{"type":"string","description_kind":"plain","optional":true}},"description_kind":"plain"}},"thunder_ip_nat_pool":{"version":0,"block":{"attributes":{"chunk_netmask":{"type":"string","description_kind":"plain","optional":true},"end_address":{"type":"string","description_kind":"plain","optional":true},"ethernet":{"type":"number","description_kind":"plain","optional":true},"gateway":{"type":"string","description_kind":"plain","optional":true},"id":{"type":"string","description_kind":"plain","optional":true,"computed":true},"ip_rr":{"type":"number","description_kind":"plain","optional":true},"netmask":{"type":"string","description_kind":"plain","optional":true},"pool_name":{"type":"string","description_kind":"plain","optional":true},"port_overload":{"type":"number","description_kind":"plain","optional":true},"scaleout_device_id":{"type":"number","description_kind":"plain","optional":true},"start_address":{"type":"string","description_kind":"plain","optional":true},"use_if_ip":{"type":"number","description_kind":"plain","optional":true},"uuid":{"type":"string","description_kind":"plain","optional":true},"vrid":{"type":"number","description_kind":"plain","optional":true}},"description_kind":"plain"}},"thunder_ip_prefix_list":{"version":0,"block":{"attributes":{"id":{"type":"string","description_kind":"plain","optional":true,"computed":true},"name":{"type":"string","description_kind":"plain","optional":true},"uuid":{"type":"string","description_kind":"plain","optional":true}},"block_types":{"rules":{"nesting_mode":"list","block":{"attributes":{"action":{"type":"string","description_kind":"plain","optional":true},"any":{"type":"number","description_kind":"plain","optional":true},"description":{"type":"string","description_kind":"plain","optional":true},"ge":{"type":"number","description_kind":"plain","optional":true},"ipaddr":{"type":"string","description_kind":"plain","optional":true},"le":{"type":"number","description_kind":"plain","optional":true},"seq":{"type":"number","description_kind":"plain","optional":true}},"description_kind":"plain"}}},"description_kind":"plain"}},"thunder_ip_reroute":{"version":0,"block":{"attributes":{"id":{"type":"string","description_kind":"plain","optional":true,"computed":true},"uuid":{"type":"string","description_kind":"plain","optional":true}},"block_types":{"suppress_protocols":{"nesting_mode":"list","block":{"attributes":{"connected":{"type":"number","description_kind":"plain","optional":true},"ebgp":{"type":"number","description_kind":"plain","optional":true},"ibgp":{"type":"number","description_kind":"plain","optional":true},"isis":{"type":"number","description_kind":"plain","optional":true},"ospf":{"type":"number","description_kind":"plain","optional":true},"rip":{"type":"number","description_kind":"plain","optional":true},"static":{"type":"number","description_kind":"plain","optional":true},"uuid":{"type":"string","description_kind":"plain","optional":true}},"description_kind":"plain"},"max_items":1}},"description_kind":"plain"}},"thunder_ip_route_static_bfd":{"version":0,"block":{"attributes":{"id":{"type":"string","description_kind":"plain","optional":true,"computed":true},"local_ip":{"type":"string","description_kind":"plain","optional":true},"nexthop_ip":{"type":"string","description_kind":"plain","optional":true},"uuid":{"type":"string","description_kind":"plain","optional":true}},"description_kind":"plain"}},"thunder_ip_tcp":{"version":0,"block":{"attributes":{"id":{"type":"string","description_kind":"plain","optional":true,"computed":true},"uuid":{"type":"string","description_kind":"plain","optional":true}},"block_types":{"syn_cookie":{"nesting_mode":"list","block":{"attributes":{"threshold":{"type":"number","description_kind":"plain","optional":true}},"description_kind":"plain"},"max_items":1}},"description_kind":"plain"}},"thunder_ipv6_frag":{"version":0,"block":{"attributes":{"frag_timeout":{"type":"number","description_kind":"plain","optional":true},"id":{"type":"string","description_kind":"plain","optional":true,"computed":true},"uuid":{"type":"string","description_kind":"plain","optional":true}},"block_types":{"sampling_enable":{"nesting_mode":"list","block":{"attributes":{"counters1":{"type":"string","description_kind":"plain","optional":true}},"description_kind":"plain"}}},"description_kind":"plain"}},"thunder_ipv6_icmpv6":{"version":0,"block":{"attributes":{"id":{"type":"string","description_kind":"plain","optional":true,"computed":true},"redirect":{"type":"number","description_kind":"plain","optional":true},"unreachable":{"type":"number","description_kind":"plain","optional":true},"uuid":{"type":"string","description_kind":"plain","optional":true}},"description_kind":"plain"}},"thunder_ipv6_nat_icmpv6":{"version":0,"block":{"attributes":{"id":{"type":"string","description_kind":"plain","optional":true,"computed":true},"respond_to_ping":{"type":"number","description_kind":"plain","optional":true},"uuid":{"type":"string","description_kind":"plain","optional":true}},"description_kind":"plain"}},"thunder_ntp_auth_key":{"version":0,"block":{"attributes":{"alg_type":{"type":"string","description_kind":"plain","optional":true},"asc_key":{"type":"string","description_kind":"plain","optional":true},"encrypted":{"type":"string","description_kind":"plain","optional":true},"hex_encrypted":{"type":"string","description_kind":"plain","optional":true},"hex_key":{"type":"string","description_kind":"plain","optional":true},"id":{"type":"string","description_kind":"plain","optional":true,"computed":true},"key":{"type":"number","description_kind":"plain","optional":true},"key_type":{"type":"string","description_kind":"plain","optional":true},"uuid":{"type":"string","description_kind":"plain","optional":true}},"description_kind":"plain"}},"thunder_ntp_server_hostname":{"version":0,"block":{"attributes":{"action":{"type":"string","description_kind":"plain","optional":true},"host_servername":{"type":"string","description_kind":"plain","optional":true},"id":{"type":"string","description_kind":"plain","optional":true,"computed":true},"key":{"type":"number","description_kind":"plain","optional":true},"prefer":{"type":"number","description_kind":"plain","optional":true},"uuid":{"type":"string","description_kind":"plain","optional":true}},"description_kind":"plain"}},"thunder_ntp_trusted_key":{"version":0,"block":{"attributes":{"id":{"type":"string","description_kind":"plain","optional":true,"computed":true},"key":{"type":"number","description_kind":"plain","optional":true},"uuid":{"type":"string","description_kind":"plain","optional":true}},"description_kind":"plain"}},"thunder_overlay_tunnel_options":{"version":0,"block":{"attributes":{"gateway_mac":{"type":"string","description_kind":"plain","optional":true},"id":{"type":"string","description_kind":"plain","optional":true,"computed":true},"ip_dscp_preserve":{"type":"number","description_kind":"plain","optional":true},"nvgre_disable_flow_id":{"type":"number","description_kind":"plain","optional":true},"nvgre_key_mode_lower24":{"type":"number","description_kind":"plain","optional":true},"tcp_mss_adjust_disable":{"type":"number","description_kind":"plain","optional":true},"uuid":{"type":"string","description_kind":"plain","optional":true},"vxlan_dest_port":{"type":"number","description_kind":"plain","optional":true}},"description_kind":"plain"}},"thunder_overlay_tunnel_vtep":{"version":0,"block":{"attributes":{"encap":{"type":"string","description_kind":"plain","optional":true},"id":{"type":"string","description_kind":"plain","optional":true,"computed":true},"id1":{"type":"number","description_kind":"plain","optional":true},"user_tag":{"type":"string","description_kind":"plain","optional":true},"uuid":{"type":"string","description_kind":"plain","optional":true}},"block_types":{"host_list":{"nesting_mode":"list","block":{"attributes":{"ip_addr":{"type":"string","description_kind":"plain","optional":true},"overlay_mac_addr":{"type":"string","description_kind":"plain","optional":true},"remote_vtep":{"type":"string","description_kind":"plain","optional":true},"uuid":{"type":"string","description_kind":"plain","optional":true},"vni":{"type":"number","description_kind":"plain","optional":true}},"description_kind":"plain"}},"local_ip_address":{"nesting_mode":"list","block":{"attributes":{"ip_address":{"type":"string","description_kind":"plain","optional":true},"uuid":{"type":"string","description_kind":"plain","optional":true}},"block_types":{"vni_list":{"nesting_mode":"list","block":{"attributes":{"segment":{"type":"number","description_kind":"plain","optional":true},"uuid":{"type":"string","description_kind":"plain","optional":true}},"description_kind":"plain"}}},"description_kind":"plain"},"max_items":1},"local_ipv6_address":{"nesting_mode":"list","block":{"attributes":{"ipv6_address":{"type":"string","description_kind":"plain","optional":true},"uuid":{"type":"string","description_kind":"plain","optional":true}},"description_kind":"plain"},"max_items":1},"remote_ip_address_list":{"nesting_mode":"list","block":{"attributes":{"encap":{"type":"string","description_kind":"plain","optional":true},"ip_address":{"type":"string","description_kind":"plain","optional":true},"user_tag":{"type":"string","description_kind":"plain","optional":true},"uuid":{"type":"string","description_kind":"plain","optional":true}},"block_types":{"gre_keepalive":{"nesting_mode":"list","block":{"attributes":{"retry_count":{"type":"number","description_kind":"plain","optional":true},"retry_time":{"type":"number","description_kind":"plain","optional":true},"uuid":{"type":"string","description_kind":"plain","optional":true}},"description_kind":"plain"},"max_items":1},"use_gre_key":{"nesting_mode":"list","block":{"attributes":{"gre_key":{"type":"number","description_kind":"plain","optional":true},"uuid":{"type":"string","description_kind":"plain","optional":true}},"description_kind":"plain"},"max_items":1},"use_lif":{"nesting_mode":"list","block":{"attributes":{"lif":{"type":"string","description_kind":"plain","optional":true},"partition":{"type":"string","description_kind":"plain","optional":true},"uuid":{"type":"string","description_kind":"plain","optional":true}},"description_kind":"plain"},"max_items":1},"vni_list":{"nesting_mode":"list","block":{"attributes":{"segment":{"type":"number","description_kind":"plain","optional":true},"uuid":{"type":"string","description_kind":"plain","optional":true}},"description_kind":"plain"}}},"description_kind":"plain"}},"remote_ipv6_address_list":{"nesting_mode":"list","block":{"attributes":{"ipv6_address":{"type":"string","description_kind":"plain","optional":true},"user_tag":{"type":"string","description_kind":"plain","optional":true},"uuid":{"type":"string","description_kind":"plain","optional":true}},"block_types":{"use_lif":{"nesting_mode":"list","block":{"attributes":{"lif":{"type":"string","description_kind":"plain","optional":true},"partition":{"type":"string","description_kind":"plain","optional":true},"uuid":{"type":"string","description_kind":"plain","optional":true}},"description_kind":"plain"},"max_items":1}},"description_kind":"plain"}},"sampling_enable":{"nesting_mode":"list","block":{"attributes":{"counters1":{"type":"string","description_kind":"plain","optional":true}},"description_kind":"plain"}}},"description_kind":"plain"}},"thunder_partition":{"version":0,"block":{"attributes":{"application_type":{"type":"string","description_kind":"plain","optional":true},"id":{"type":"string","description_kind":"plain","optional":true,"computed":true},"id1":{"type":"number","description_kind":"plain","optional":true},"partition_name":{"type":"string","description_kind":"plain","optional":true},"user_tag":{"type":"string","description_kind":"plain","optional":true},"uuid":{"type":"string","description_kind":"plain","optional":true}},"block_types":{"shared_vlan":{"nesting_mode":"list","block":{"attributes":{"mgmt_floating_ip_address":{"type":"string","description_kind":"plain","optional":true},"uuid":{"type":"string","description_kind":"plain","optional":true},"vlan":{"type":"number","description_kind":"plain","optional":true},"vrid":{"type":"number","description_kind":"plain","optional":true}},"description_kind":"plain"},"max_items":1},"template":{"nesting_mode":"list","block":{"attributes":{"resource_accounting":{"type":"string","description_kind":"plain","optional":true},"uuid":{"type":"string","description_kind":"plain","optional":true}},"description_kind":"plain"},"max_items":1}},"description_kind":"plain"}},"thunder_reboot":{"version":0,"block":{"attributes":{"all":{"type":"number","description_kind":"plain","optional":true},"at":{"type":"number","description_kind":"plain","optional":true},"cancel":{"type":"number","description_kind":"plain","optional":true},"day_of_month":{"type":"number","description_kind":"plain","optional":true},"day_of_month_2":{"type":"number","description_kind":"plain","optional":true},"device":{"type":"number","description_kind":"plain","optional":true},"id":{"type":"string","description_kind":"plain","optional":true,"computed":true},"in":{"type":"string","description_kind":"plain","optional":true},"month":{"type":"string","description_kind":"plain","optional":true},"month_2":{"type":"string","description_kind":"plain","optional":true},"reason":{"type":"string","description_kind":"plain","optional":true},"reason_2":{"type":"string","description_kind":"plain","optional":true},"reason_3":{"type":"string","description_kind":"plain","optional":true},"time":{"type":"string","description_kind":"plain","optional":true}},"description_kind":"plain"}},"thunder_rib_route":{"version":0,"block":{"attributes":{"id":{"type":"string","description_kind":"plain","optional":true,"computed":true},"ip_dest_addr":{"type":"string","description_kind":"plain","optional":true},"ip_mask":{"type":"string","description_kind":"plain","optional":true},"uuid":{"type":"string","description_kind":"plain","optional":true}},"block_types":{"ip_nexthop_ipv4":{"nesting_mode":"list","block":{"attributes":{"description_nexthop_ip":{"type":"string","description_kind":"plain","optional":true},"distance_nexthop_ip":{"type":"number","description_kind":"plain","optional":true},"ip_next_hop":{"type":"string","description_kind":"plain","optional":true}},"description_kind":"plain"}},"ip_nexthop_lif":{"nesting_mode":"list","block":{"attributes":{"description_nexthop_lif":{"type":"string","description_kind":"plain","optional":true},"lif":{"type":"number","description_kind":"plain","optional":true}},"description_kind":"plain"}},"ip_nexthop_partition":{"nesting_mode":"list","block":{"attributes":{"description_nexthop_partition":{"type":"string","description_kind":"plain","optional":true},"description_partition_vrid":{"type":"string","description_kind":"plain","optional":true},"partition_name":{"type":"string","description_kind":"plain","optional":true},"vrid_num_in_partition":{"type":"number","description_kind":"plain","optional":true}},"description_kind":"plain"}},"ip_nexthop_tunnel":{"nesting_mode":"list","block":{"attributes":{"description_nexthop_tunnel":{"type":"string","description_kind":"plain","optional":true},"distance_nexthop_tunnel":{"type":"number","description_kind":"plain","optional":true},"ip_next_hop_tunnel":{"type":"string","description_kind":"plain","optional":true},"tunnel":{"type":"number","description_kind":"plain","optional":true}},"description_kind":"plain"}}},"description_kind":"plain"}},"thunder_route_map":{"version":0,"block":{"attributes":{"action":{"type":"string","description_kind":"plain","optional":true},"as_number":{"type":"number","description_kind":"plain","optional":true},"id":{"type":"string","description_kind":"plain","optional":true,"computed":true},"process_id":{"type":"string","description_kind":"plain","optional":true},"sequence":{"type":"number","description_kind":"plain","optional":true},"tag":{"type":"string","description_kind":"plain","optional":true},"user_tag":{"type":"string","description_kind":"plain","optional":true},"uuid":{"type":"string","description_kind":"plain","optional":true}},"block_types":{"match":{"nesting_mode":"list","block":{"attributes":{"uuid":{"type":"string","description_kind":"plain","optional":true}},"block_types":{"as_path":{"nesting_mode":"list","block":{"attributes":{"name":{"type":"string","description_kind":"plain","optional":true}},"description_kind":"plain"},"max_items":1},"community":{"nesting_mode":"list","block":{"block_types":{"name_cfg":{"nesting_mode":"list","block":{"attributes":{"exact_match":{"type":"number","description_kind":"plain","optional":true},"name":{"type":"string","description_kind":"plain","optional":true}},"description_kind":"plain"},"max_items":1}},"description_kind":"plain"},"max_items":1},"extcommunity":{"nesting_mode":"list","block":{"block_types":{"extcommunity_l_name":{"nesting_mode":"list","block":{"attributes":{"exact_match":{"type":"number","description_kind":"plain","optional":true},"name":{"type":"string","description_kind":"plain","optional":true}},"description_kind":"plain"},"max_items":1}},"description_kind":"plain"},"max_items":1},"group":{"nesting_mode":"list","block":{"attributes":{"group_id":{"type":"number","description_kind":"plain","optional":true},"ha_state":{"type":"string","description_kind":"plain","optional":true}},"description_kind":"plain"},"max_items":1},"interface":{"nesting_mode":"list","block":{"attributes":{"ethernet":{"type":"number","description_kind":"plain","optional":true},"loopback":{"type":"number","description_kind":"plain","optional":true},"trunk":{"type":"number","description_kind":"plain","optional":true},"tunnel":{"type":"number","description_kind":"plain","optional":true},"ve":{"type":"number","description_kind":"plain","optional":true}},"description_kind":"plain"},"max_items":1},"ip":{"nesting_mode":"list","block":{"block_types":{"address":{"nesting_mode":"list","block":{"attributes":{"acl1":{"type":"number","description_kind":"plain","optional":true},"acl2":{"type":"number","description_kind":"plain","optional":true},"name":{"type":"string","description_kind":"plain","optional":true}},"block_types":{"prefix_list":{"nesting_mode":"list","block":{"attributes":{"name":{"type":"string","description_kind":"plain","optional":true}},"description_kind":"plain"},"max_items":1}},"description_kind":"plain"},"max_items":1},"next_hop":{"nesting_mode":"list","block":{"attributes":{"acl1":{"type":"number","description_kind":"plain","optional":true},"acl2":{"type":"number","description_kind":"plain","optional":true},"name":{"type":"string","description_kind":"plain","optional":true}},"block_types":{"prefix_list_1":{"nesting_mode":"list","block":{"attributes":{"name":{"type":"string","description_kind":"plain","optional":true}},"description_kind":"plain"},"max_items":1}},"description_kind":"plain"},"max_items":1},"peer":{"nesting_mode":"list","block":{"attributes":{"acl1":{"type":"number","description_kind":"plain","optional":true},"acl2":{"type":"number","description_kind":"plain","optional":true},"name":{"type":"string","description_kind":"plain","optional":true}},"description_kind":"plain"},"max_items":1},"rib":{"nesting_mode":"list","block":{"attributes":{"exact":{"type":"string","description_kind":"plain","optional":true},"reachable":{"type":"string","description_kind":"plain","optional":true},"unreachable":{"type":"string","description_kind":"plain","optional":true}},"description_kind":"plain"},"max_items":1}},"description_kind":"plain"},"max_items":1},"ipv6":{"nesting_mode":"list","block":{"block_types":{"address_1":{"nesting_mode":"list","block":{"attributes":{"name":{"type":"string","description_kind":"plain","optional":true}},"block_types":{"prefix_list_2":{"nesting_mode":"list","block":{"attributes":{"name":{"type":"string","description_kind":"plain","optional":true}},"description_kind":"plain"},"max_items":1}},"description_kind":"plain"},"max_items":1},"next_hop_1":{"nesting_mode":"list","block":{"attributes":{"next_hop_acl_name":{"type":"string","description_kind":"plain","optional":true},"prefix_list_name":{"type":"string","description_kind":"plain","optional":true},"v6_addr":{"type":"string","description_kind":"plain","optional":true}},"description_kind":"plain"},"max_items":1},"peer_1":{"nesting_mode":"list","block":{"attributes":{"acl1":{"type":"number","description_kind":"plain","optional":true},"acl2":{"type":"number","description_kind":"plain","optional":true},"name":{"type":"string","description_kind":"plain","optional":true}},"description_kind":"plain"},"max_items":1},"rib":{"nesting_mode":"list","block":{"attributes":{"exact":{"type":"string","description_kind":"plain","optional":true},"reachable":{"type":"string","description_kind":"plain","optional":true},"unreachable":{"type":"string","description_kind":"plain","optional":true}},"description_kind":"plain"},"max_items":1}},"description_kind":"plain"},"max_items":1},"local_preference":{"nesting_mode":"list","block":{"attributes":{"val":{"type":"number","description_kind":"plain","optional":true}},"description_kind":"plain"},"max_items":1},"metric":{"nesting_mode":"list","block":{"attributes":{"value":{"type":"number","description_kind":"plain","optional":true}},"description_kind":"plain"},"max_items":1},"origin":{"nesting_mode":"list","block":{"attributes":{"egp":{"type":"number","description_kind":"plain","optional":true},"igp":{"type":"number","description_kind":"plain","optional":true},"incomplete":{"type":"number","description_kind":"plain","optional":true}},"description_kind":"plain"},"max_items":1},"route_type":{"nesting_mode":"list","block":{"block_types":{"external":{"nesting_mode":"list","block":{"attributes":{"value":{"type":"string","description_kind":"plain","optional":true}},"description_kind":"plain"},"max_items":1}},"description_kind":"plain"},"max_items":1},"scaleout":{"nesting_mode":"list","block":{"attributes":{"cluster_id":{"type":"number","description_kind":"plain","optional":true},"operational_state":{"type":"string","description_kind":"plain","optional":true}},"description_kind":"plain"},"max_items":1},"tag":{"nesting_mode":"list","block":{"attributes":{"value":{"type":"number","description_kind":"plain","optional":true}},"description_kind":"plain"},"max_items":1}},"description_kind":"plain"},"max_items":1},"set":{"nesting_mode":"list","block":{"attributes":{"atomic_aggregate":{"type":"number","description_kind":"plain","optional":true},"community":{"type":"string","description_kind":"plain","optional":true},"uuid":{"type":"string","description_kind":"plain","optional":true}},"block_types":{"aggregator":{"nesting_mode":"list","block":{"block_types":{"aggregator_as":{"nesting_mode":"list","block":{"attributes":{"asn":{"type":"number","description_kind":"plain","optional":true},"ip":{"type":"string","description_kind":"plain","optional":true}},"description_kind":"plain"},"max_items":1}},"description_kind":"plain"},"max_items":1},"as_path":{"nesting_mode":"list","block":{"attributes":{"num":{"type":"number","description_kind":"plain","optional":true},"num2":{"type":"number","description_kind":"plain","optional":true},"prepend":{"type":"string","description_kind":"plain","optional":true}},"description_kind":"plain"},"max_items":1},"comm_list":{"nesting_mode":"list","block":{"attributes":{"delete":{"type":"number","description_kind":"plain","optional":true},"name":{"type":"string","description_kind":"plain","optional":true},"name_delete":{"type":"number","description_kind":"plain","optional":true},"v_exp":{"type":"number","description_kind":"plain","optional":true},"v_exp_delete":{"type":"number","description_kind":"plain","optional":true},"v_std":{"type":"number","description_kind":"plain","optional":true}},"description_kind":"plain"},"max_items":1},"dampening_cfg":{"nesting_mode":"list","block":{"attributes":{"dampening":{"type":"number","description_kind":"plain","optional":true},"dampening_half_time":{"type":"number","description_kind":"plain","optional":true},"dampening_max_supress":{"type":"number","description_kind":"plain","optional":true},"dampening_penalty":{"type":"number","description_kind":"plain","optional":true},"dampening_reuse":{"type":"number","description_kind":"plain","optional":true},"dampening_supress":{"type":"number","description_kind":"plain","optional":true}},"description_kind":"plain"},"max_items":1},"ddos":{"nesting_mode":"list","block":{"attributes":{"class_list_cid":{"type":"number","description_kind":"plain","optional":true},"class_list_name":{"type":"string","description_kind":"plain","optional":true},"zone":{"type":"string","description_kind":"plain","optional":true}},"description_kind":"plain"},"max_items":1},"extcommunity":{"nesting_mode":"list","block":{"block_types":{"rt":{"nesting_mode":"list","block":{"attributes":{"value":{"type":"string","description_kind":"plain","optional":true}},"description_kind":"plain"},"max_items":1},"soo":{"nesting_mode":"list","block":{"attributes":{"value":{"type":"string","description_kind":"plain","optional":true}},"description_kind":"plain"},"max_items":1}},"description_kind":"plain"},"max_items":1},"ip":{"nesting_mode":"list","block":{"block_types":{"next_hop":{"nesting_mode":"list","block":{"attributes":{"address":{"type":"string","description_kind":"plain","optional":true}},"description_kind":"plain"},"max_items":1}},"description_kind":"plain"},"max_items":1},"ipv6":{"nesting_mode":"list","block":{"block_types":{"next_hop_1":{"nesting_mode":"list","block":{"attributes":{"address":{"type":"string","description_kind":"plain","optional":true}},"block_types":{"local":{"nesting_mode":"list","block":{"attributes":{"address":{"type":"string","description_kind":"plain","optional":true}},"description_kind":"plain"},"max_items":1}},"description_kind":"plain"},"max_items":1}},"description_kind":"plain"},"max_items":1},"level":{"nesting_mode":"list","block":{"attributes":{"value":{"type":"string","description_kind":"plain","optional":true}},"description_kind":"plain"},"max_items":1},"local_preference":{"nesting_mode":"list","block":{"attributes":{"val":{"type":"number","description_kind":"plain","optional":true}},"description_kind":"plain"},"max_items":1},"metric":{"nesting_mode":"list","block":{"attributes":{"value":{"type":"string","description_kind":"plain","optional":true}},"description_kind":"plain"},"max_items":1},"metric_type":{"nesting_mode":"list","block":{"attributes":{"value":{"type":"string","description_kind":"plain","optional":true}},"description_kind":"plain"},"max_items":1},"origin":{"nesting_mode":"list","block":{"attributes":{"egp":{"type":"number","description_kind":"plain","optional":true},"igp":{"type":"number","description_kind":"plain","optional":true},"incomplete":{"type":"number","description_kind":"plain","optional":true}},"description_kind":"plain"},"max_items":1},"originator_id":{"nesting_mode":"list","block":{"attributes":{"originator_ip":{"type":"string","description_kind":"plain","optional":true}},"description_kind":"plain"},"max_items":1},"tag":{"nesting_mode":"list","block":{"attributes":{"value":{"type":"number","description_kind":"plain","optional":true}},"description_kind":"plain"},"max_items":1},"weight":{"nesting_mode":"list","block":{"attributes":{"weight_val":{"type":"number","description_kind":"plain","optional":true}},"description_kind":"plain"},"max_items":1}},"description_kind":"plain"},"max_items":1}},"description_kind":"plain"}},"thunder_router_bgp":{"version":0,"block":{"attributes":{"as_number":{"type":"number","description_kind":"plain","optional":true},"auto_summary":{"type":"number","description_kind":"plain","optional":true},"id":{"type":"string","description_kind":"plain","optional":true,"computed":true},"maximum_paths_value":{"type":"number","description_kind":"plain","optional":true},"originate":{"type":"number","description_kind":"plain","optional":true},"process_id":{"type":"string","description_kind":"plain","optional":true},"synchronization":{"type":"number","description_kind":"plain","optional":true},"user_tag":{"type":"string","description_kind":"plain","optional":true},"uuid":{"type":"string","description_kind":"plain","optional":true}},"block_types":{"address_family":{"nesting_mode":"list","block":{"block_types":{"ipv6":{"nesting_mode":"list","block":{"attributes":{"auto_summary":{"type":"number","description_kind":"plain","optional":true},"maximum_paths_value":{"type":"number","description_kind":"plain","optional":true},"originate":{"type":"number","description_kind":"plain","optional":true},"synchronization":{"type":"number","description_kind":"plain","optional":true},"uuid":{"type":"string","description_kind":"plain","optional":true}},"block_types":{"aggregate_address_list":{"nesting_mode":"list","block":{"attributes":{"aggregate_address":{"type":"string","description_kind":"plain","optional":true},"as_set":{"type":"number","description_kind":"plain","optional":true},"summary_only":{"type":"number","description_kind":"plain","optional":true}},"description_kind":"plain"}},"bgp":{"nesting_mode":"list","block":{"attributes":{"dampening":{"type":"number","description_kind":"plain","optional":true},"dampening_half":{"type":"number","description_kind":"plain","optional":true},"dampening_max_supress":{"type":"number","description_kind":"plain","optional":true},"dampening_start_reuse":{"type":"number","description_kind":"plain","optional":true},"dampening_start_supress":{"type":"number","description_kind":"plain","optional":true},"dampening_unreachability":{"type":"number","description_kind":"plain","optional":true},"route_map":{"type":"string","description_kind":"plain","optional":true}},"description_kind":"plain"},"max_items":1},"distance":{"nesting_mode":"list","block":{"attributes":{"distance_ext":{"type":"number","description_kind":"plain","optional":true},"distance_int":{"type":"number","description_kind":"plain","optional":true},"distance_local":{"type":"number","description_kind":"plain","optional":true}},"description_kind":"plain"},"max_items":1},"neighbor":{"nesting_mode":"list","block":{"attributes":{"temp_val":{"type":"string","description_kind":"plain","optional":true}},"block_types":{"distance":{"nesting_mode":"list","block":{"attributes":{"distance_ext":{"type":"number","description_kind":"plain","optional":true},"distance_int":{"type":"number","description_kind":"plain","optional":true},"distance_local":{"type":"number","description_kind":"plain","optional":true}},"description_kind":"plain"},"max_items":1},"ethernet_neighbor_ipv6_list":{"nesting_mode":"list","block":{"attributes":{"ethernet":{"type":"number","description_kind":"plain","optional":true},"peer_group_name":{"type":"string","description_kind":"plain","optional":true},"uuid":{"type":"string","description_kind":"plain","optional":true}},"description_kind":"plain"}},"ipv4_neighbor_list":{"nesting_mode":"list","block":{"attributes":{"activate":{"type":"number","description_kind":"plain","optional":true},"allowas_in":{"type":"number","description_kind":"plain","optional":true},"allowas_in_count":{"type":"number","description_kind":"plain","optional":true},"default_originate":{"type":"number","description_kind":"plain","optional":true},"graceful_restart":{"type":"number","description_kind":"plain","optional":true},"inbound":{"type":"number","description_kind":"plain","optional":true},"maximum_prefix":{"type":"number","description_kind":"plain","optional":true},"maximum_prefix_thres":{"type":"number","description_kind":"plain","optional":true},"neighbor_ipv4":{"type":"string","description_kind":"plain","optional":true},"next_hop_self":{"type":"number","description_kind":"plain","optional":true},"peer_group_name":{"type":"string","description_kind":"plain","optional":true},"prefix_list_direction":{"type":"string","description_kind":"plain","optional":true},"remove_private_as":{"type":"number","description_kind":"plain","optional":true},"route_map":{"type":"string","description_kind":"plain","optional":true},"send_community_val":{"type":"string","description_kind":"plain","optional":true},"unsuppress_map":{"type":"string","description_kind":"plain","optional":true},"uuid":{"type":"string","description_kind":"plain","optional":true},"weight":{"type":"number","description_kind":"plain","optional":true}},"block_types":{"distribute_lists":{"nesting_mode":"list","block":{"attributes":{"distribute_list":{"type":"string","description_kind":"plain","optional":true},"distribute_list_direction":{"type":"string","description_kind":"plain","optional":true}},"description_kind":"plain"}},"neighbor_filter_lists":{"nesting_mode":"list","block":{"attributes":{"filter_list":{"type":"string","description_kind":"plain","optional":true},"filter_list_direction":{"type":"string","description_kind":"plain","optional":true}},"description_kind":"plain"}},"neighbor_prefix_lists":{"nesting_mode":"list","block":{"attributes":{"nbr_prefix_list":{"type":"string","description_kind":"plain","optional":true},"nbr_prefix_list_direction":{"type":"string","description_kind":"plain","optional":true}},"description_kind":"plain"}},"neighbor_route_map_lists":{"nesting_mode":"list","block":{"attributes":{"nbr_rmap_direction":{"type":"string","description_kind":"plain","optional":true},"nbr_route_map":{"type":"string","description_kind":"plain","optional":true}},"description_kind":"plain"}}},"description_kind":"plain"}},"ipv6_neighbor_list":{"nesting_mode":"list","block":{"attributes":{"activate":{"type":"number","description_kind":"plain","optional":true},"allowas_in":{"type":"number","description_kind":"plain","optional":true},"allowas_in_count":{"type":"number","description_kind":"plain","optional":true},"default_originate":{"type":"number","description_kind":"plain","optional":true},"graceful_restart":{"type":"number","description_kind":"plain","optional":true},"inbound":{"type":"number","description_kind":"plain","optional":true},"maximum_prefix":{"type":"number","description_kind":"plain","optional":true},"maximum_prefix_thres":{"type":"number","description_kind":"plain","optional":true},"neighbor_ipv6":{"type":"string","description_kind":"plain","optional":true},"next_hop_self":{"type":"number","description_kind":"plain","optional":true},"peer_group_name":{"type":"string","description_kind":"plain","optional":true},"prefix_list_direction":{"type":"string","description_kind":"plain","optional":true},"remove_private_as":{"type":"number","description_kind":"plain","optional":true},"route_map":{"type":"string","description_kind":"plain","optional":true},"send_community_val":{"type":"string","description_kind":"plain","optional":true},"unsuppress_map":{"type":"string","description_kind":"plain","optional":true},"uuid":{"type":"string","description_kind":"plain","optional":true},"weight":{"type":"number","description_kind":"plain","optional":true}},"block_types":{"distribute_lists":{"nesting_mode":"list","block":{"attributes":{"distribute_list":{"type":"string","description_kind":"plain","optional":true},"distribute_list_direction":{"type":"string","description_kind":"plain","optional":true}},"description_kind":"plain"}},"neighbor_filter_lists":{"nesting_mode":"list","block":{"attributes":{"filter_list":{"type":"string","description_kind":"plain","optional":true},"filter_list_direction":{"type":"string","description_kind":"plain","optional":true}},"description_kind":"plain"}},"neighbor_prefix_lists":{"nesting_mode":"list","block":{"attributes":{"nbr_prefix_list":{"type":"string","description_kind":"plain","optional":true},"nbr_prefix_list_direction":{"type":"string","description_kind":"plain","optional":true}},"description_kind":"plain"}},"neighbor_route_map_lists":{"nesting_mode":"list","block":{"attributes":{"nbr_rmap_direction":{"type":"string","description_kind":"plain","optional":true},"nbr_route_map":{"type":"string","description_kind":"plain","optional":true}},"description_kind":"plain"}}},"description_kind":"plain"}},"peer_group_neighbor_list":{"nesting_mode":"list","block":{"attributes":{"activate":{"type":"number","description_kind":"plain","optional":true},"allowas_in":{"type":"number","description_kind":"plain","optional":true},"allowas_in_count":{"type":"number","description_kind":"plain","optional":true},"default_originate":{"type":"number","description_kind":"plain","optional":true},"inbound":{"type":"number","description_kind":"plain","optional":true},"maximum_prefix":{"type":"number","description_kind":"plain","optional":true},"maximum_prefix_thres":{"type":"number","description_kind":"plain","optional":true},"next_hop_self":{"type":"number","description_kind":"plain","optional":true},"peer_group":{"type":"string","description_kind":"plain","optional":true},"prefix_list_direction":{"type":"string","description_kind":"plain","optional":true},"remove_private_as":{"type":"number","description_kind":"plain","optional":true},"route_map":{"type":"string","description_kind":"plain","optional":true},"send_community_val":{"type":"string","description_kind":"plain","optional":true},"unsuppress_map":{"type":"string","description_kind":"plain","optional":true},"uuid":{"type":"string","description_kind":"plain","optional":true},"weight":{"type":"number","description_kind":"plain","optional":true}},"block_types":{"distribute_lists":{"nesting_mode":"list","block":{"attributes":{"distribute_list":{"type":"string","description_kind":"plain","optional":true},"distribute_list_direction":{"type":"string","description_kind":"plain","optional":true}},"description_kind":"plain"}},"neighbor_filter_lists":{"nesting_mode":"list","block":{"attributes":{"filter_list":{"type":"string","description_kind":"plain","optional":true},"filter_list_direction":{"type":"string","description_kind":"plain","optional":true}},"description_kind":"plain"}},"neighbor_prefix_lists":{"nesting_mode":"list","block":{"attributes":{"nbr_prefix_list":{"type":"string","description_kind":"plain","optional":true},"nbr_prefix_list_direction":{"type":"string","description_kind":"plain","optional":true}},"description_kind":"plain"}},"neighbor_route_map_lists":{"nesting_mode":"list","block":{"attributes":{"nbr_rmap_direction":{"type":"string","description_kind":"plain","optional":true},"nbr_route_map":{"type":"string","description_kind":"plain","optional":true}},"description_kind":"plain"}}},"description_kind":"plain"}},"trunk_neighbor_ipv6_list":{"nesting_mode":"list","block":{"attributes":{"peer_group_name":{"type":"string","description_kind":"plain","optional":true},"trunk":{"type":"number","description_kind":"plain","optional":true},"uuid":{"type":"string","description_kind":"plain","optional":true}},"description_kind":"plain"}},"ve_neighbor_ipv6_list":{"nesting_mode":"list","block":{"attributes":{"peer_group_name":{"type":"string","description_kind":"plain","optional":true},"uuid":{"type":"string","description_kind":"plain","optional":true},"ve":{"type":"number","description_kind":"plain","optional":true}},"description_kind":"plain"}}},"description_kind":"plain"},"max_items":1},"network":{"nesting_mode":"list","block":{"block_types":{"ipv6_network_list":{"nesting_mode":"list","block":{"attributes":{"backdoor":{"type":"number","description_kind":"plain","optional":true},"comm_value":{"type":"string","description_kind":"plain","optional":true},"description":{"type":"string","description_kind":"plain","optional":true},"network_ipv6":{"type":"string","description_kind":"plain","optional":true},"route_map":{"type":"string","description_kind":"plain","optional":true},"uuid":{"type":"string","description_kind":"plain","optional":true}},"description_kind":"plain"}},"synchronization":{"nesting_mode":"list","block":{"attributes":{"network_synchronization":{"type":"number","description_kind":"plain","optional":true},"uuid":{"type":"string","description_kind":"plain","optional":true}},"description_kind":"plain"},"max_items":1}},"description_kind":"plain"},"max_items":1},"redistribute":{"nesting_mode":"list","block":{"attributes":{"uuid":{"type":"string","description_kind":"plain","optional":true}},"block_types":{"connected_cfg":{"nesting_mode":"list","block":{"attributes":{"connected":{"type":"number","description_kind":"plain","optional":true},"route_map":{"type":"string","description_kind":"plain","optional":true}},"description_kind":"plain"},"max_items":1},"floating_ip_cfg":{"nesting_mode":"list","block":{"attributes":{"floating_ip":{"type":"number","description_kind":"plain","optional":true},"route_map":{"type":"string","description_kind":"plain","optional":true}},"description_kind":"plain"},"max_items":1},"ip_nat_cfg":{"nesting_mode":"list","block":{"attributes":{"ip_nat":{"type":"number","description_kind":"plain","optional":true},"route_map":{"type":"string","description_kind":"plain","optional":true}},"description_kind":"plain"},"max_items":1},"ip_nat_list_cfg":{"nesting_mode":"list","block":{"attributes":{"ip_nat_list":{"type":"number","description_kind":"plain","optional":true},"route_map":{"type":"string","description_kind":"plain","optional":true}},"description_kind":"plain"},"max_items":1},"isis_cfg":{"nesting_mode":"list","block":{"attributes":{"isis":{"type":"number","description_kind":"plain","optional":true},"route_map":{"type":"string","description_kind":"plain","optional":true}},"description_kind":"plain"},"max_items":1},"lw4o6_cfg":{"nesting_mode":"list","block":{"attributes":{"lw4o6":{"type":"number","description_kind":"plain","optional":true},"route_map":{"type":"string","description_kind":"plain","optional":true}},"description_kind":"plain"},"max_items":1},"nat64_cfg":{"nesting_mode":"list","block":{"attributes":{"nat64":{"type":"number","description_kind":"plain","optional":true},"route_map":{"type":"string","description_kind":"plain","optional":true}},"description_kind":"plain"},"max_items":1},"nat_map_cfg":{"nesting_mode":"list","block":{"attributes":{"nat_map":{"type":"number","description_kind":"plain","optional":true},"route_map":{"type":"string","description_kind":"plain","optional":true}},"description_kind":"plain"},"max_items":1},"ospf_cfg":{"nesting_mode":"list","block":{"attributes":{"ospf":{"type":"number","description_kind":"plain","optional":true},"route_map":{"type":"string","description_kind":"plain","optional":true}},"description_kind":"plain"},"max_items":1},"rip_cfg":{"nesting_mode":"list","block":{"attributes":{"rip":{"type":"number","description_kind":"plain","optional":true},"route_map":{"type":"string","description_kind":"plain","optional":true}},"description_kind":"plain"},"max_items":1},"static_cfg":{"nesting_mode":"list","block":{"attributes":{"route_map":{"type":"string","description_kind":"plain","optional":true},"static":{"type":"number","description_kind":"plain","optional":true}},"description_kind":"plain"},"max_items":1},"static_nat_cfg":{"nesting_mode":"list","block":{"attributes":{"route_map":{"type":"string","description_kind":"plain","optional":true},"static_nat":{"type":"number","description_kind":"plain","optional":true}},"description_kind":"plain"},"max_items":1},"vip":{"nesting_mode":"list","block":{"block_types":{"only_flagged_cfg":{"nesting_mode":"list","block":{"attributes":{"only_flagged":{"type":"number","description_kind":"plain","optional":true},"route_map":{"type":"string","description_kind":"plain","optional":true}},"description_kind":"plain"},"max_items":1},"only_not_flagged_cfg":{"nesting_mode":"list","block":{"attributes":{"only_not_flagged":{"type":"number","description_kind":"plain","optional":true},"route_map":{"type":"string","description_kind":"plain","optional":true}},"description_kind":"plain"},"max_items":1}},"description_kind":"plain"},"max_items":1}},"description_kind":"plain"},"max_items":1}},"description_kind":"plain"},"max_items":1}},"description_kind":"plain"},"max_items":1},"aggregate_address_list":{"nesting_mode":"list","block":{"attributes":{"aggregate_address":{"type":"string","description_kind":"plain","optional":true},"as_set":{"type":"number","description_kind":"plain","optional":true},"summary_only":{"type":"number","description_kind":"plain","optional":true}},"description_kind":"plain"}},"bgp":{"nesting_mode":"list","block":{"attributes":{"always_compare_med":{"type":"number","description_kind":"plain","optional":true},"bgp_restart_time":{"type":"number","description_kind":"plain","optional":true},"bgp_stalepath_time":{"type":"number","description_kind":"plain","optional":true},"deterministic_med":{"type":"number","description_kind":"plain","optional":true},"enforce_first_as":{"type":"number","description_kind":"plain","optional":true},"fast_external_failover":{"type":"number","description_kind":"plain","optional":true},"graceful_restart":{"type":"number","description_kind":"plain","optional":true},"local_preference_value":{"type":"number","description_kind":"plain","optional":true},"log_neighbor_changes":{"type":"number","description_kind":"plain","optional":true},"nexthop_trigger_count":{"type":"number","description_kind":"plain","optional":true},"override_validation":{"type":"number","description_kind":"plain","optional":true},"router_id":{"type":"string","description_kind":"plain","optional":true},"scan_time":{"type":"number","description_kind":"plain","optional":true}},"block_types":{"bestpath_cfg":{"nesting_mode":"list","block":{"attributes":{"compare_routerid":{"type":"number","description_kind":"plain","optional":true},"ignore":{"type":"number","description_kind":"plain","optional":true},"missing_as_worst":{"type":"number","description_kind":"plain","optional":true},"remove_recv_med":{"type":"number","description_kind":"plain","optional":true},"remove_send_med":{"type":"number","description_kind":"plain","optional":true}},"description_kind":"plain"},"max_items":1},"dampening_cfg":{"nesting_mode":"list","block":{"attributes":{"dampening":{"type":"number","description_kind":"plain","optional":true},"dampening_half_time":{"type":"number","description_kind":"plain","optional":true},"dampening_max_supress":{"type":"number","description_kind":"plain","optional":true},"dampening_penalty":{"type":"number","description_kind":"plain","optional":true},"dampening_reuse":{"type":"number","description_kind":"plain","optional":true},"dampening_supress":{"type":"number","description_kind":"plain","optional":true},"route_map":{"type":"string","description_kind":"plain","optional":true}},"description_kind":"plain"},"max_items":1}},"description_kind":"plain"},"max_items":1},"distance_list":{"nesting_mode":"list","block":{"attributes":{"acl_str":{"type":"string","description_kind":"plain","optional":true},"admin_distance":{"type":"number","description_kind":"plain","optional":true},"ext_routes_dist":{"type":"number","description_kind":"plain","optional":true},"int_routes_dist":{"type":"number","description_kind":"plain","optional":true},"local_routes_dist":{"type":"number","description_kind":"plain","optional":true},"src_prefix":{"type":"string","description_kind":"plain","optional":true}},"description_kind":"plain"}},"neighbor":{"nesting_mode":"list","block":{"attributes":{"temp_val":{"type":"string","description_kind":"plain","optional":true}},"block_types":{"distance":{"nesting_mode":"list","block":{"attributes":{"distance_ext":{"type":"number","description_kind":"plain","optional":true},"distance_int":{"type":"number","description_kind":"plain","optional":true},"distance_local":{"type":"number","description_kind":"plain","optional":true}},"description_kind":"plain"},"max_items":1},"ethernet_neighbor_list":{"nesting_mode":"list","block":{"attributes":{"ethernet":{"type":"number","description_kind":"plain","optional":true},"peer_group_name":{"type":"string","description_kind":"plain","optional":true},"unnumbered":{"type":"number","description_kind":"plain","optional":true},"uuid":{"type":"string","description_kind":"plain","optional":true}},"description_kind":"plain"}},"ipv4_neighbor_list":{"nesting_mode":"list","block":{"attributes":{"activate":{"type":"number","description_kind":"plain","optional":true},"allowas_in":{"type":"number","description_kind":"plain","optional":true},"allowas_in_count":{"type":"number","description_kind":"plain","optional":true},"default_originate":{"type":"number","description_kind":"plain","optional":true},"graceful_restart":{"type":"number","description_kind":"plain","optional":true},"inbound":{"type":"number","description_kind":"plain","optional":true},"maximum_prefix":{"type":"number","description_kind":"plain","optional":true},"maximum_prefix_thres":{"type":"number","description_kind":"plain","optional":true},"neighbor_ipv4":{"type":"string","description_kind":"plain","optional":true},"next_hop_self":{"type":"number","description_kind":"plain","optional":true},"peer_group_name":{"type":"string","description_kind":"plain","optional":true},"prefix_list_direction":{"type":"string","description_kind":"plain","optional":true},"remove_private_as":{"type":"number","description_kind":"plain","optional":true},"route_map":{"type":"string","description_kind":"plain","optional":true},"send_community_val":{"type":"string","description_kind":"plain","optional":true},"unsuppress_map":{"type":"string","description_kind":"plain","optional":true},"uuid":{"type":"string","description_kind":"plain","optional":true},"weight":{"type":"number","description_kind":"plain","optional":true}},"block_types":{"distribute_lists":{"nesting_mode":"list","block":{"attributes":{"distribute_list":{"type":"string","description_kind":"plain","optional":true},"distribute_list_direction":{"type":"string","description_kind":"plain","optional":true}},"description_kind":"plain"}},"neighbor_filter_lists":{"nesting_mode":"list","block":{"attributes":{"filter_list":{"type":"string","description_kind":"plain","optional":true},"filter_list_direction":{"type":"string","description_kind":"plain","optional":true}},"description_kind":"plain"}},"neighbor_prefix_lists":{"nesting_mode":"list","block":{"attributes":{"nbr_prefix_list":{"type":"string","description_kind":"plain","optional":true},"nbr_prefix_list_direction":{"type":"string","description_kind":"plain","optional":true}},"description_kind":"plain"}},"neighbor_route_map_lists":{"nesting_mode":"list","block":{"attributes":{"nbr_rmap_direction":{"type":"string","description_kind":"plain","optional":true},"nbr_route_map":{"type":"string","description_kind":"plain","optional":true}},"description_kind":"plain"}}},"description_kind":"plain"}},"ipv6_neighbor_list":{"nesting_mode":"list","block":{"attributes":{"activate":{"type":"number","description_kind":"plain","optional":true},"allowas_in":{"type":"number","description_kind":"plain","optional":true},"allowas_in_count":{"type":"number","description_kind":"plain","optional":true},"default_originate":{"type":"number","description_kind":"plain","optional":true},"graceful_restart":{"type":"number","description_kind":"plain","optional":true},"inbound":{"type":"number","description_kind":"plain","optional":true},"maximum_prefix":{"type":"number","description_kind":"plain","optional":true},"maximum_prefix_thres":{"type":"number","description_kind":"plain","optional":true},"neighbor_ipv6":{"type":"string","description_kind":"plain","optional":true},"next_hop_self":{"type":"number","description_kind":"plain","optional":true},"peer_group_name":{"type":"string","description_kind":"plain","optional":true},"prefix_list_direction":{"type":"string","description_kind":"plain","optional":true},"remove_private_as":{"type":"number","description_kind":"plain","optional":true},"route_map":{"type":"string","description_kind":"plain","optional":true},"send_community_val":{"type":"string","description_kind":"plain","optional":true},"unsuppress_map":{"type":"string","description_kind":"plain","optional":true},"uuid":{"type":"string","description_kind":"plain","optional":true},"weight":{"type":"number","description_kind":"plain","optional":true}},"block_types":{"distribute_lists":{"nesting_mode":"list","block":{"attributes":{"distribute_list":{"type":"string","description_kind":"plain","optional":true},"distribute_list_direction":{"type":"string","description_kind":"plain","optional":true}},"description_kind":"plain"}},"neighbor_filter_lists":{"nesting_mode":"list","block":{"attributes":{"filter_list":{"type":"string","description_kind":"plain","optional":true},"filter_list_direction":{"type":"string","description_kind":"plain","optional":true}},"description_kind":"plain"}},"neighbor_prefix_lists":{"nesting_mode":"list","block":{"attributes":{"nbr_prefix_list":{"type":"string","description_kind":"plain","optional":true},"nbr_prefix_list_direction":{"type":"string","description_kind":"plain","optional":true}},"description_kind":"plain"}},"neighbor_route_map_lists":{"nesting_mode":"list","block":{"attributes":{"nbr_rmap_direction":{"type":"string","description_kind":"plain","optional":true},"nbr_route_map":{"type":"string","description_kind":"plain","optional":true}},"description_kind":"plain"}}},"description_kind":"plain"}},"peer_group_neighbor_list":{"nesting_mode":"list","block":{"attributes":{"activate":{"type":"number","description_kind":"plain","optional":true},"allowas_in":{"type":"number","description_kind":"plain","optional":true},"allowas_in_count":{"type":"number","description_kind":"plain","optional":true},"default_originate":{"type":"number","description_kind":"plain","optional":true},"inbound":{"type":"number","description_kind":"plain","optional":true},"maximum_prefix":{"type":"number","description_kind":"plain","optional":true},"maximum_prefix_thres":{"type":"number","description_kind":"plain","optional":true},"next_hop_self":{"type":"number","description_kind":"plain","optional":true},"peer_group":{"type":"string","description_kind":"plain","optional":true},"prefix_list_direction":{"type":"string","description_kind":"plain","optional":true},"remove_private_as":{"type":"number","description_kind":"plain","optional":true},"route_map":{"type":"string","description_kind":"plain","optional":true},"send_community_val":{"type":"string","description_kind":"plain","optional":true},"unsuppress_map":{"type":"string","description_kind":"plain","optional":true},"uuid":{"type":"string","description_kind":"plain","optional":true},"weight":{"type":"number","description_kind":"plain","optional":true}},"block_types":{"distribute_lists":{"nesting_mode":"list","block":{"attributes":{"distribute_list":{"type":"string","description_kind":"plain","optional":true},"distribute_list_direction":{"type":"string","description_kind":"plain","optional":true}},"description_kind":"plain"}},"neighbor_filter_lists":{"nesting_mode":"list","block":{"attributes":{"filter_list":{"type":"string","description_kind":"plain","optional":true},"filter_list_direction":{"type":"string","description_kind":"plain","optional":true}},"description_kind":"plain"}},"neighbor_prefix_lists":{"nesting_mode":"list","block":{"attributes":{"nbr_prefix_list":{"type":"string","description_kind":"plain","optional":true},"nbr_prefix_list_direction":{"type":"string","description_kind":"plain","optional":true}},"description_kind":"plain"}},"neighbor_route_map_lists":{"nesting_mode":"list","block":{"attributes":{"nbr_rmap_direction":{"type":"string","description_kind":"plain","optional":true},"nbr_route_map":{"type":"string","description_kind":"plain","optional":true}},"description_kind":"plain"}}},"description_kind":"plain"}},"trunk_neighbor_list":{"nesting_mode":"list","block":{"attributes":{"peer_group_name":{"type":"string","description_kind":"plain","optional":true},"trunk":{"type":"number","description_kind":"plain","optional":true},"unnumbered":{"type":"number","description_kind":"plain","optional":true},"uuid":{"type":"string","description_kind":"plain","optional":true}},"description_kind":"plain"}},"ve_neighbor_list":{"nesting_mode":"list","block":{"attributes":{"peer_group_name":{"type":"string","description_kind":"plain","optional":true},"unnumbered":{"type":"number","description_kind":"plain","optional":true},"uuid":{"type":"string","description_kind":"plain","optional":true},"ve":{"type":"number","description_kind":"plain","optional":true}},"description_kind":"plain"}}},"description_kind":"plain"},"max_items":1},"network":{"nesting_mode":"list","block":{"block_types":{"ip_cidr_list":{"nesting_mode":"list","block":{"attributes":{"backdoor":{"type":"number","description_kind":"plain","optional":true},"comm_value":{"type":"string","description_kind":"plain","optional":true},"description":{"type":"string","description_kind":"plain","optional":true},"network_ipv4_cidr":{"type":"string","description_kind":"plain","optional":true},"route_map":{"type":"string","description_kind":"plain","optional":true},"uuid":{"type":"string","description_kind":"plain","optional":true}},"description_kind":"plain"}},"synchronization":{"nesting_mode":"list","block":{"attributes":{"network_synchronization":{"type":"number","description_kind":"plain","optional":true},"uuid":{"type":"string","description_kind":"plain","optional":true}},"description_kind":"plain"},"max_items":1}},"description_kind":"plain"},"max_items":1},"redistribute":{"nesting_mode":"list","block":{"attributes":{"uuid":{"type":"string","description_kind":"plain","optional":true}},"block_types":{"connected_cfg":{"nesting_mode":"list","block":{"attributes":{"connected":{"type":"number","description_kind":"plain","optional":true},"route_map":{"type":"string","description_kind":"plain","optional":true}},"description_kind":"plain"},"max_items":1},"floating_ip_cfg":{"nesting_mode":"list","block":{"attributes":{"floating_ip":{"type":"number","description_kind":"plain","optional":true},"route_map":{"type":"string","description_kind":"plain","optional":true}},"description_kind":"plain"},"max_items":1},"ip_nat_cfg":{"nesting_mode":"list","block":{"attributes":{"ip_nat":{"type":"number","description_kind":"plain","optional":true},"route_map":{"type":"string","description_kind":"plain","optional":true}},"description_kind":"plain"},"max_items":1},"ip_nat_list_cfg":{"nesting_mode":"list","block":{"attributes":{"ip_nat_list":{"type":"number","description_kind":"plain","optional":true},"route_map":{"type":"string","description_kind":"plain","optional":true}},"description_kind":"plain"},"max_items":1},"isis_cfg":{"nesting_mode":"list","block":{"attributes":{"isis":{"type":"number","description_kind":"plain","optional":true},"route_map":{"type":"string","description_kind":"plain","optional":true}},"description_kind":"plain"},"max_items":1},"lw4o6_cfg":{"nesting_mode":"list","block":{"attributes":{"lw4o6":{"type":"number","description_kind":"plain","optional":true},"route_map":{"type":"string","description_kind":"plain","optional":true}},"description_kind":"plain"},"max_items":1},"nat_map_cfg":{"nesting_mode":"list","block":{"attributes":{"nat_map":{"type":"number","description_kind":"plain","optional":true},"route_map":{"type":"string","description_kind":"plain","optional":true}},"description_kind":"plain"},"max_items":1},"ospf_cfg":{"nesting_mode":"list","block":{"attributes":{"ospf":{"type":"number","description_kind":"plain","optional":true},"route_map":{"type":"string","description_kind":"plain","optional":true}},"description_kind":"plain"},"max_items":1},"rip_cfg":{"nesting_mode":"list","block":{"attributes":{"rip":{"type":"number","description_kind":"plain","optional":true},"route_map":{"type":"string","description_kind":"plain","optional":true}},"description_kind":"plain"},"max_items":1},"static_cfg":{"nesting_mode":"list","block":{"attributes":{"route_map":{"type":"string","description_kind":"plain","optional":true},"static":{"type":"number","description_kind":"plain","optional":true}},"description_kind":"plain"},"max_items":1},"static_nat_cfg":{"nesting_mode":"list","block":{"attributes":{"route_map":{"type":"string","description_kind":"plain","optional":true},"static_nat":{"type":"number","description_kind":"plain","optional":true}},"description_kind":"plain"},"max_items":1},"vip":{"nesting_mode":"list","block":{"block_types":{"only_flagged_cfg":{"nesting_mode":"list","block":{"attributes":{"only_flagged":{"type":"number","description_kind":"plain","optional":true},"route_map":{"type":"string","description_kind":"plain","optional":true}},"description_kind":"plain"},"max_items":1},"only_not_flagged_cfg":{"nesting_mode":"list","block":{"attributes":{"only_not_flagged":{"type":"number","description_kind":"plain","optional":true},"route_map":{"type":"string","description_kind":"plain","optional":true}},"description_kind":"plain"},"max_items":1}},"description_kind":"plain"},"max_items":1}},"description_kind":"plain"},"max_items":1},"timers":{"nesting_mode":"list","block":{"attributes":{"bgp_holdtime":{"type":"number","description_kind":"plain","optional":true},"bgp_keepalive":{"type":"number","description_kind":"plain","optional":true}},"description_kind":"plain"},"max_items":1}},"description_kind":"plain"}},"thunder_router_bgp_address_family_ipv6":{"version":0,"block":{"attributes":{"as_number":{"type":"number","description_kind":"plain","optional":true},"auto_summary":{"type":"number","description_kind":"plain","optional":true},"id":{"type":"string","description_kind":"plain","optional":true,"computed":true},"maximum_paths_value":{"type":"number","description_kind":"plain","optional":true},"originate":{"type":"number","description_kind":"plain","optional":true},"process_id":{"type":"string","description_kind":"plain","optional":true},"synchronization":{"type":"number","description_kind":"plain","optional":true},"uuid":{"type":"string","description_kind":"plain","optional":true}},"block_types":{"aggregate_address_list":{"nesting_mode":"list","block":{"attributes":{"aggregate_address":{"type":"string","description_kind":"plain","optional":true},"as_set":{"type":"number","description_kind":"plain","optional":true},"summary_only":{"type":"number","description_kind":"plain","optional":true}},"description_kind":"plain"}},"bgp":{"nesting_mode":"list","block":{"attributes":{"dampening":{"type":"number","description_kind":"plain","optional":true},"dampening_half":{"type":"number","description_kind":"plain","optional":true},"dampening_max_supress":{"type":"number","description_kind":"plain","optional":true},"dampening_start_reuse":{"type":"number","description_kind":"plain","optional":true},"dampening_start_supress":{"type":"number","description_kind":"plain","optional":true},"dampening_unreachability":{"type":"number","description_kind":"plain","optional":true},"route_map":{"type":"string","description_kind":"plain","optional":true}},"description_kind":"plain"},"max_items":1},"distance":{"nesting_mode":"list","block":{"attributes":{"distance_ext":{"type":"number","description_kind":"plain","optional":true},"distance_int":{"type":"number","description_kind":"plain","optional":true},"distance_local":{"type":"number","description_kind":"plain","optional":true}},"description_kind":"plain"},"max_items":1},"neighbor":{"nesting_mode":"list","block":{"block_types":{"ethernet_neighbor_ipv6_list":{"nesting_mode":"list","block":{"attributes":{"ethernet":{"type":"number","description_kind":"plain","optional":true},"peer_group_name":{"type":"string","description_kind":"plain","optional":true},"uuid":{"type":"string","description_kind":"plain","optional":true}},"description_kind":"plain"}},"ipv4_neighbor_list":{"nesting_mode":"list","block":{"attributes":{"activate":{"type":"number","description_kind":"plain","optional":true},"allowas_in":{"type":"number","description_kind":"plain","optional":true},"allowas_in_count":{"type":"number","description_kind":"plain","optional":true},"default_originate":{"type":"number","description_kind":"plain","optional":true},"graceful_restart":{"type":"number","description_kind":"plain","optional":true},"inbound":{"type":"number","description_kind":"plain","optional":true},"maximum_prefix":{"type":"number","description_kind":"plain","optional":true},"maximum_prefix_thres":{"type":"number","description_kind":"plain","optional":true},"neighbor_ipv4":{"type":"string","description_kind":"plain","optional":true},"next_hop_self":{"type":"number","description_kind":"plain","optional":true},"peer_group_name":{"type":"string","description_kind":"plain","optional":true},"prefix_list_direction":{"type":"string","description_kind":"plain","optional":true},"remove_private_as":{"type":"number","description_kind":"plain","optional":true},"route_map":{"type":"string","description_kind":"plain","optional":true},"send_community_val":{"type":"string","description_kind":"plain","optional":true},"unsuppress_map":{"type":"string","description_kind":"plain","optional":true},"uuid":{"type":"string","description_kind":"plain","optional":true},"weight":{"type":"number","description_kind":"plain","optional":true}},"block_types":{"distribute_lists":{"nesting_mode":"list","block":{"attributes":{"distribute_list":{"type":"string","description_kind":"plain","optional":true},"distribute_list_direction":{"type":"string","description_kind":"plain","optional":true}},"description_kind":"plain"}},"neighbor_filter_lists":{"nesting_mode":"list","block":{"attributes":{"filter_list":{"type":"string","description_kind":"plain","optional":true},"filter_list_direction":{"type":"string","description_kind":"plain","optional":true}},"description_kind":"plain"}},"neighbor_prefix_lists":{"nesting_mode":"list","block":{"attributes":{"nbr_prefix_list":{"type":"string","description_kind":"plain","optional":true},"nbr_prefix_list_direction":{"type":"string","description_kind":"plain","optional":true}},"description_kind":"plain"}},"neighbor_route_map_lists":{"nesting_mode":"list","block":{"attributes":{"nbr_rmap_direction":{"type":"string","description_kind":"plain","optional":true},"nbr_route_map":{"type":"string","description_kind":"plain","optional":true}},"description_kind":"plain"}}},"description_kind":"plain"}},"ipv6_neighbor_list":{"nesting_mode":"list","block":{"attributes":{"activate":{"type":"number","description_kind":"plain","optional":true},"allowas_in":{"type":"number","description_kind":"plain","optional":true},"allowas_in_count":{"type":"number","description_kind":"plain","optional":true},"default_originate":{"type":"number","description_kind":"plain","optional":true},"graceful_restart":{"type":"number","description_kind":"plain","optional":true},"inbound":{"type":"number","description_kind":"plain","optional":true},"maximum_prefix":{"type":"number","description_kind":"plain","optional":true},"maximum_prefix_thres":{"type":"number","description_kind":"plain","optional":true},"neighbor_ipv6":{"type":"string","description_kind":"plain","optional":true},"next_hop_self":{"type":"number","description_kind":"plain","optional":true},"peer_group_name":{"type":"string","description_kind":"plain","optional":true},"prefix_list_direction":{"type":"string","description_kind":"plain","optional":true},"remove_private_as":{"type":"number","description_kind":"plain","optional":true},"route_map":{"type":"string","description_kind":"plain","optional":true},"send_community_val":{"type":"string","description_kind":"plain","optional":true},"unsuppress_map":{"type":"string","description_kind":"plain","optional":true},"uuid":{"type":"string","description_kind":"plain","optional":true},"weight":{"type":"number","description_kind":"plain","optional":true}},"block_types":{"distribute_lists":{"nesting_mode":"list","block":{"attributes":{"distribute_list":{"type":"string","description_kind":"plain","optional":true},"distribute_list_direction":{"type":"string","description_kind":"plain","optional":true}},"description_kind":"plain"}},"neighbor_filter_lists":{"nesting_mode":"list","block":{"attributes":{"filter_list":{"type":"string","description_kind":"plain","optional":true},"filter_list_direction":{"type":"string","description_kind":"plain","optional":true}},"description_kind":"plain"}},"neighbor_prefix_lists":{"nesting_mode":"list","block":{"attributes":{"nbr_prefix_list":{"type":"string","description_kind":"plain","optional":true},"nbr_prefix_list_direction":{"type":"string","description_kind":"plain","optional":true}},"description_kind":"plain"}},"neighbor_route_map_lists":{"nesting_mode":"list","block":{"attributes":{"nbr_rmap_direction":{"type":"string","description_kind":"plain","optional":true},"nbr_route_map":{"type":"string","description_kind":"plain","optional":true}},"description_kind":"plain"}}},"description_kind":"plain"}},"peer_group_neighbor_list":{"nesting_mode":"list","block":{"attributes":{"activate":{"type":"number","description_kind":"plain","optional":true},"allowas_in":{"type":"number","description_kind":"plain","optional":true},"allowas_in_count":{"type":"number","description_kind":"plain","optional":true},"default_originate":{"type":"number","description_kind":"plain","optional":true},"inbound":{"type":"number","description_kind":"plain","optional":true},"maximum_prefix":{"type":"number","description_kind":"plain","optional":true},"maximum_prefix_thres":{"type":"number","description_kind":"plain","optional":true},"next_hop_self":{"type":"number","description_kind":"plain","optional":true},"peer_group":{"type":"string","description_kind":"plain","optional":true},"prefix_list_direction":{"type":"string","description_kind":"plain","optional":true},"remove_private_as":{"type":"number","description_kind":"plain","optional":true},"route_map":{"type":"string","description_kind":"plain","optional":true},"send_community_val":{"type":"string","description_kind":"plain","optional":true},"unsuppress_map":{"type":"string","description_kind":"plain","optional":true},"uuid":{"type":"string","description_kind":"plain","optional":true},"weight":{"type":"number","description_kind":"plain","optional":true}},"block_types":{"distribute_lists":{"nesting_mode":"list","block":{"attributes":{"distribute_list":{"type":"string","description_kind":"plain","optional":true},"distribute_list_direction":{"type":"string","description_kind":"plain","optional":true}},"description_kind":"plain"}},"neighbor_filter_lists":{"nesting_mode":"list","block":{"attributes":{"filter_list":{"type":"string","description_kind":"plain","optional":true},"filter_list_direction":{"type":"string","description_kind":"plain","optional":true}},"description_kind":"plain"}},"neighbor_prefix_lists":{"nesting_mode":"list","block":{"attributes":{"nbr_prefix_list":{"type":"string","description_kind":"plain","optional":true},"nbr_prefix_list_direction":{"type":"string","description_kind":"plain","optional":true}},"description_kind":"plain"}},"neighbor_route_map_lists":{"nesting_mode":"list","block":{"attributes":{"nbr_rmap_direction":{"type":"string","description_kind":"plain","optional":true},"nbr_route_map":{"type":"string","description_kind":"plain","optional":true}},"description_kind":"plain"}}},"description_kind":"plain"}},"synchronization":{"nesting_mode":"list","block":{"attributes":{"network_synchronization":{"type":"number","description_kind":"plain","optional":true},"uuid":{"type":"string","description_kind":"plain","optional":true}},"description_kind":"plain"},"max_items":1},"trunk_neighbor_ipv6_list":{"nesting_mode":"list","block":{"attributes":{"peer_group_name":{"type":"string","description_kind":"plain","optional":true},"trunk":{"type":"number","description_kind":"plain","optional":true},"uuid":{"type":"string","description_kind":"plain","optional":true}},"description_kind":"plain"}},"ve_neighbor_ipv6_list":{"nesting_mode":"list","block":{"attributes":{"peer_group_name":{"type":"string","description_kind":"plain","optional":true},"uuid":{"type":"string","description_kind":"plain","optional":true},"ve":{"type":"number","description_kind":"plain","optional":true}},"description_kind":"plain"}}},"description_kind":"plain"},"max_items":1},"network":{"nesting_mode":"list","block":{"block_types":{"ipv6_network_list":{"nesting_mode":"list","block":{"attributes":{"backdoor":{"type":"number","description_kind":"plain","optional":true},"comm_value":{"type":"string","description_kind":"plain","optional":true},"description":{"type":"string","description_kind":"plain","optional":true},"network_ipv6":{"type":"string","description_kind":"plain","optional":true},"route_map":{"type":"string","description_kind":"plain","optional":true},"uuid":{"type":"string","description_kind":"plain","optional":true}},"description_kind":"plain"}},"synchronization":{"nesting_mode":"list","block":{"attributes":{"network_synchronization":{"type":"number","description_kind":"plain","optional":true},"uuid":{"type":"string","description_kind":"plain","optional":true}},"description_kind":"plain"},"max_items":1}},"description_kind":"plain"},"max_items":1},"redistribute":{"nesting_mode":"list","block":{"attributes":{"uuid":{"type":"string","description_kind":"plain","optional":true}},"block_types":{"connected_cfg":{"nesting_mode":"list","block":{"attributes":{"connected":{"type":"number","description_kind":"plain","optional":true},"route_map":{"type":"string","description_kind":"plain","optional":true}},"description_kind":"plain"},"max_items":1},"floating_ip_cfg":{"nesting_mode":"list","block":{"attributes":{"floating_ip":{"type":"number","description_kind":"plain","optional":true},"route_map":{"type":"string","description_kind":"plain","optional":true}},"description_kind":"plain"},"max_items":1},"ip_nat_cfg":{"nesting_mode":"list","block":{"attributes":{"ip_nat":{"type":"number","description_kind":"plain","optional":true},"route_map":{"type":"string","description_kind":"plain","optional":true}},"description_kind":"plain"},"max_items":1},"ip_nat_list_cfg":{"nesting_mode":"list","block":{"attributes":{"ip_nat_list":{"type":"number","description_kind":"plain","optional":true},"route_map":{"type":"string","description_kind":"plain","optional":true}},"description_kind":"plain"},"max_items":1},"isis_cfg":{"nesting_mode":"list","block":{"attributes":{"isis":{"type":"number","description_kind":"plain","optional":true},"route_map":{"type":"string","description_kind":"plain","optional":true}},"description_kind":"plain"},"max_items":1},"lw4o6_cfg":{"nesting_mode":"list","block":{"attributes":{"lw4o6":{"type":"number","description_kind":"plain","optional":true},"route_map":{"type":"string","description_kind":"plain","optional":true}},"description_kind":"plain"},"max_items":1},"nat64_cfg":{"nesting_mode":"list","block":{"attributes":{"nat64":{"type":"number","description_kind":"plain","optional":true},"route_map":{"type":"string","description_kind":"plain","optional":true}},"description_kind":"plain"},"max_items":1},"nat_map_cfg":{"nesting_mode":"list","block":{"attributes":{"nat_map":{"type":"number","description_kind":"plain","optional":true},"route_map":{"type":"string","description_kind":"plain","optional":true}},"description_kind":"plain"},"max_items":1},"ospf_cfg":{"nesting_mode":"list","block":{"attributes":{"ospf":{"type":"number","description_kind":"plain","optional":true},"route_map":{"type":"string","description_kind":"plain","optional":true}},"description_kind":"plain"},"max_items":1},"rip_cfg":{"nesting_mode":"list","block":{"attributes":{"rip":{"type":"number","description_kind":"plain","optional":true},"route_map":{"type":"string","description_kind":"plain","optional":true}},"description_kind":"plain"},"max_items":1},"static_cfg":{"nesting_mode":"list","block":{"attributes":{"route_map":{"type":"string","description_kind":"plain","optional":true},"static":{"type":"number","description_kind":"plain","optional":true}},"description_kind":"plain"},"max_items":1},"static_nat_cfg":{"nesting_mode":"list","block":{"attributes":{"route_map":{"type":"string","description_kind":"plain","optional":true},"static_nat":{"type":"number","description_kind":"plain","optional":true}},"description_kind":"plain"},"max_items":1},"vip":{"nesting_mode":"list","block":{"block_types":{"only_flagged_cfg":{"nesting_mode":"list","block":{"attributes":{"only_flagged":{"type":"number","description_kind":"plain","optional":true},"route_map":{"type":"string","description_kind":"plain","optional":true}},"description_kind":"plain"},"max_items":1},"only_not_flagged_cfg":{"nesting_mode":"list","block":{"attributes":{"only_not_flagged":{"type":"number","description_kind":"plain","optional":true},"route_map":{"type":"string","description_kind":"plain","optional":true}},"description_kind":"plain"},"max_items":1}},"description_kind":"plain"},"max_items":1}},"description_kind":"plain"},"max_items":1}},"description_kind":"plain"}},"thunder_router_bgp_address_family_ipv6_neighbor_ethernet_neighbor_ipv6":{"version":0,"block":{"attributes":{"action":{"type":"string","description_kind":"plain","optional":true},"as_number":{"type":"number","description_kind":"plain","optional":true},"ethernet":{"type":"number","description_kind":"plain","optional":true},"id":{"type":"string","description_kind":"plain","optional":true,"computed":true},"peer_group_name":{"type":"string","description_kind":"plain","optional":true},"process_id":{"type":"string","description_kind":"plain","optional":true},"sequence":{"type":"string","description_kind":"plain","optional":true},"uuid":{"type":"string","description_kind":"plain","optional":true}},"description_kind":"plain"}},"thunder_router_bgp_address_family_ipv6_neighbor_ipv4_neighbor":{"version":0,"block":{"attributes":{"action":{"type":"string","description_kind":"plain","optional":true},"activate":{"type":"number","description_kind":"plain","optional":true},"allowas_in":{"type":"number","description_kind":"plain","optional":true},"allowas_in_count":{"type":"number","description_kind":"plain","optional":true},"as_number":{"type":"number","description_kind":"plain","optional":true},"default_originate":{"type":"number","description_kind":"plain","optional":true},"graceful_restart":{"type":"number","description_kind":"plain","optional":true},"id":{"type":"string","description_kind":"plain","optional":true,"computed":true},"inbound":{"type":"number","description_kind":"plain","optional":true},"maximum_prefix":{"type":"number","description_kind":"plain","optional":true},"maximum_prefix_thres":{"type":"number","description_kind":"plain","optional":true},"neighbor_ipv4":{"type":"string","description_kind":"plain","optional":true},"next_hop_self":{"type":"number","description_kind":"plain","optional":true},"peer_group_name":{"type":"string","description_kind":"plain","optional":true},"prefix_list_direction":{"type":"string","description_kind":"plain","optional":true},"process_id":{"type":"string","description_kind":"plain","optional":true},"remove_private_as":{"type":"number","description_kind":"plain","optional":true},"route_map":{"type":"string","description_kind":"plain","optional":true},"send_community_val":{"type":"string","description_kind":"plain","optional":true},"sequence":{"type":"string","description_kind":"plain","optional":true},"unsuppress_map":{"type":"string","description_kind":"plain","optional":true},"uuid":{"type":"string","description_kind":"plain","optional":true},"weight":{"type":"number","description_kind":"plain","optional":true}},"block_types":{"distribute_lists":{"nesting_mode":"list","block":{"attributes":{"distribute_list":{"type":"string","description_kind":"plain","optional":true},"distribute_list_direction":{"type":"string","description_kind":"plain","optional":true}},"description_kind":"plain"}},"neighbor_filter_lists":{"nesting_mode":"list","block":{"attributes":{"filter_list":{"type":"string","description_kind":"plain","optional":true},"filter_list_direction":{"type":"string","description_kind":"plain","optional":true}},"description_kind":"plain"}},"neighbor_prefix_lists":{"nesting_mode":"list","block":{"attributes":{"nbr_prefix_list":{"type":"string","description_kind":"plain","optional":true},"nbr_prefix_list_direction":{"type":"string","description_kind":"plain","optional":true}},"description_kind":"plain"}},"neighbor_route_map_lists":{"nesting_mode":"list","block":{"attributes":{"nbr_rmap_direction":{"type":"string","description_kind":"plain","optional":true},"nbr_route_map":{"type":"string","description_kind":"plain","optional":true}},"description_kind":"plain"}}},"description_kind":"plain"}},"thunder_router_bgp_address_family_ipv6_neighbor_ipv6_neighbor":{"version":0,"block":{"attributes":{"action":{"type":"string","description_kind":"plain","optional":true},"activate":{"type":"number","description_kind":"plain","optional":true},"allowas_in":{"type":"number","description_kind":"plain","optional":true},"allowas_in_count":{"type":"number","description_kind":"plain","optional":true},"as_number":{"type":"number","description_kind":"plain","optional":true},"default_originate":{"type":"number","description_kind":"plain","optional":true},"graceful_restart":{"type":"number","description_kind":"plain","optional":true},"id":{"type":"string","description_kind":"plain","optional":true,"computed":true},"inbound":{"type":"number","description_kind":"plain","optional":true},"maximum_prefix":{"type":"number","description_kind":"plain","optional":true},"maximum_prefix_thres":{"type":"number","description_kind":"plain","optional":true},"neighbor_ipv6":{"type":"string","description_kind":"plain","optional":true},"next_hop_self":{"type":"number","description_kind":"plain","optional":true},"peer_group_name":{"type":"string","description_kind":"plain","optional":true},"prefix_list_direction":{"type":"string","description_kind":"plain","optional":true},"process_id":{"type":"string","description_kind":"plain","optional":true},"remove_private_as":{"type":"number","description_kind":"plain","optional":true},"route_map":{"type":"string","description_kind":"plain","optional":true},"send_community_val":{"type":"string","description_kind":"plain","optional":true},"sequence":{"type":"string","description_kind":"plain","optional":true},"unsuppress_map":{"type":"string","description_kind":"plain","optional":true},"uuid":{"type":"string","description_kind":"plain","optional":true},"weight":{"type":"number","description_kind":"plain","optional":true}},"block_types":{"distribute_lists":{"nesting_mode":"list","block":{"attributes":{"distribute_list":{"type":"string","description_kind":"plain","optional":true},"distribute_list_direction":{"type":"string","description_kind":"plain","optional":true}},"description_kind":"plain"}},"neighbor_filter_lists":{"nesting_mode":"list","block":{"attributes":{"filter_list":{"type":"string","description_kind":"plain","optional":true},"filter_list_direction":{"type":"string","description_kind":"plain","optional":true}},"description_kind":"plain"}},"neighbor_prefix_lists":{"nesting_mode":"list","block":{"attributes":{"nbr_prefix_list":{"type":"string","description_kind":"plain","optional":true},"nbr_prefix_list_direction":{"type":"string","description_kind":"plain","optional":true}},"description_kind":"plain"}},"neighbor_route_map_lists":{"nesting_mode":"list","block":{"attributes":{"nbr_rmap_direction":{"type":"string","description_kind":"plain","optional":true},"nbr_route_map":{"type":"string","description_kind":"plain","optional":true}},"description_kind":"plain"}}},"description_kind":"plain"}},"thunder_router_bgp_address_family_ipv6_neighbor_peer_group_neighbor":{"version":0,"block":{"attributes":{"activate":{"type":"number","description_kind":"plain","optional":true},"allowas_in":{"type":"number","description_kind":"plain","optional":true},"allowas_in_count":{"type":"number","description_kind":"plain","optional":true},"as_number":{"type":"number","description_kind":"plain","optional":true},"default_originate":{"type":"number","description_kind":"plain","optional":true},"id":{"type":"string","description_kind":"plain","optional":true,"computed":true},"inbound":{"type":"number","description_kind":"plain","optional":true},"maximum_prefix":{"type":"number","description_kind":"plain","optional":true},"maximum_prefix_thres":{"type":"number","description_kind":"plain","optional":true},"next_hop_self":{"type":"number","description_kind":"plain","optional":true},"peer_group":{"type":"string","description_kind":"plain","optional":true},"prefix_list_direction":{"type":"string","description_kind":"plain","optional":true},"process_id":{"type":"string","description_kind":"plain","optional":true},"remove_private_as":{"type":"number","description_kind":"plain","optional":true},"route_map":{"type":"string","description_kind":"plain","optional":true},"send_community_val":{"type":"string","description_kind":"plain","optional":true},"unsuppress_map":{"type":"string","description_kind":"plain","optional":true},"uuid":{"type":"string","description_kind":"plain","optional":true},"weight":{"type":"number","description_kind":"plain","optional":true}},"block_types":{"distribute_lists":{"nesting_mode":"list","block":{"attributes":{"distribute_list":{"type":"string","description_kind":"plain","optional":true},"distribute_list_direction":{"type":"string","description_kind":"plain","optional":true}},"description_kind":"plain"}},"neighbor_filter_lists":{"nesting_mode":"list","block":{"attributes":{"filter_list":{"type":"string","description_kind":"plain","optional":true},"filter_list_direction":{"type":"string","description_kind":"plain","optional":true}},"description_kind":"plain"}},"neighbor_prefix_lists":{"nesting_mode":"list","block":{"attributes":{"nbr_prefix_list":{"type":"string","description_kind":"plain","optional":true},"nbr_prefix_list_direction":{"type":"string","description_kind":"plain","optional":true}},"description_kind":"plain"}},"neighbor_route_map_lists":{"nesting_mode":"list","block":{"attributes":{"nbr_rmap_direction":{"type":"string","description_kind":"plain","optional":true},"nbr_route_map":{"type":"string","description_kind":"plain","optional":true}},"description_kind":"plain"}}},"description_kind":"plain"}},"thunder_router_bgp_address_family_ipv6_neighbor_trunk_neighbor_ipv6":{"version":0,"block":{"attributes":{"action":{"type":"string","description_kind":"plain","optional":true},"as_number":{"type":"number","description_kind":"plain","optional":true},"id":{"type":"string","description_kind":"plain","optional":true,"computed":true},"peer_group_name":{"type":"string","description_kind":"plain","optional":true},"process_id":{"type":"string","description_kind":"plain","optional":true},"sequence":{"type":"string","description_kind":"plain","optional":true},"trunk":{"type":"number","description_kind":"plain","optional":true},"uuid":{"type":"string","description_kind":"plain","optional":true}},"description_kind":"plain"}},"thunder_router_bgp_address_family_ipv6_neighbor_ve_neighbor_ipv6":{"version":0,"block":{"attributes":{"action":{"type":"string","description_kind":"plain","optional":true},"as_number":{"type":"number","description_kind":"plain","optional":true},"id":{"type":"string","description_kind":"plain","optional":true,"computed":true},"peer_group_name":{"type":"string","description_kind":"plain","optional":true},"process_id":{"type":"string","description_kind":"plain","optional":true},"sequence":{"type":"string","description_kind":"plain","optional":true},"uuid":{"type":"string","description_kind":"plain","optional":true},"ve":{"type":"number","description_kind":"plain","optional":true}},"description_kind":"plain"}},"thunder_router_bgp_address_family_ipv6_network_ipv6_network":{"version":0,"block":{"attributes":{"action":{"type":"string","description_kind":"plain","optional":true},"as_number":{"type":"number","description_kind":"plain","optional":true},"backdoor":{"type":"number","description_kind":"plain","optional":true},"comm_value":{"type":"string","description_kind":"plain","optional":true},"description":{"type":"string","description_kind":"plain","optional":true},"id":{"type":"string","description_kind":"plain","optional":true,"computed":true},"network_ipv6":{"type":"string","description_kind":"plain","optional":true},"process_id":{"type":"string","description_kind":"plain","optional":true},"route_map":{"type":"string","description_kind":"plain","optional":true},"sequence":{"type":"string","description_kind":"plain","optional":true},"uuid":{"type":"string","description_kind":"plain","optional":true}},"description_kind":"plain"}},"thunder_router_bgp_address_family_ipv6_network_synchronization":{"version":0,"block":{"attributes":{"action":{"type":"string","description_kind":"plain","optional":true},"as_number":{"type":"number","description_kind":"plain","optional":true},"id":{"type":"string","description_kind":"plain","optional":true,"computed":true},"network_synchronization":{"type":"number","description_kind":"plain","optional":true},"process_id":{"type":"string","description_kind":"plain","optional":true},"sequence":{"type":"string","description_kind":"plain","optional":true},"uuid":{"type":"string","description_kind":"plain","optional":true}},"description_kind":"plain"}},"thunder_router_bgp_address_family_ipv6_redistribute":{"version":0,"block":{"attributes":{"action":{"type":"string","description_kind":"plain","optional":true},"as_number":{"type":"string","description_kind":"plain","optional":true},"id":{"type":"string","description_kind":"plain","optional":true,"computed":true},"process_id":{"type":"string","description_kind":"plain","optional":true},"sequence":{"type":"string","description_kind":"plain","optional":true},"uuid":{"type":"string","description_kind":"plain","optional":true}},"block_types":{"connected_cfg":{"nesting_mode":"list","block":{"attributes":{"connected":{"type":"number","description_kind":"plain","optional":true},"route_map":{"type":"string","description_kind":"plain","optional":true}},"description_kind":"plain"},"max_items":1},"floating_ip_cfg":{"nesting_mode":"list","block":{"attributes":{"floating_ip":{"type":"number","description_kind":"plain","optional":true},"route_map":{"type":"string","description_kind":"plain","optional":true}},"description_kind":"plain"},"max_items":1},"ip_nat_cfg":{"nesting_mode":"list","block":{"attributes":{"ip_nat":{"type":"number","description_kind":"plain","optional":true},"route_map":{"type":"string","description_kind":"plain","optional":true}},"description_kind":"plain"},"max_items":1},"ip_nat_list_cfg":{"nesting_mode":"list","block":{"attributes":{"ip_nat_list":{"type":"number","description_kind":"plain","optional":true},"route_map":{"type":"string","description_kind":"plain","optional":true}},"description_kind":"plain"},"max_items":1},"isis_cfg":{"nesting_mode":"list","block":{"attributes":{"isis":{"type":"number","description_kind":"plain","optional":true},"route_map":{"type":"string","description_kind":"plain","optional":true}},"description_kind":"plain"},"max_items":1},"lw4o6_cfg":{"nesting_mode":"list","block":{"attributes":{"lw4o6":{"type":"number","description_kind":"plain","optional":true},"route_map":{"type":"string","description_kind":"plain","optional":true}},"description_kind":"plain"},"max_items":1},"nat64_cfg":{"nesting_mode":"list","block":{"attributes":{"nat64":{"type":"number","description_kind":"plain","optional":true},"route_map":{"type":"string","description_kind":"plain","optional":true}},"description_kind":"plain"},"max_items":1},"nat_map_cfg":{"nesting_mode":"list","block":{"attributes":{"nat_map":{"type":"number","description_kind":"plain","optional":true},"route_map":{"type":"string","description_kind":"plain","optional":true}},"description_kind":"plain"},"max_items":1},"ospf_cfg":{"nesting_mode":"list","block":{"attributes":{"ospf":{"type":"number","description_kind":"plain","optional":true},"route_map":{"type":"string","description_kind":"plain","optional":true}},"description_kind":"plain"},"max_items":1},"rip_cfg":{"nesting_mode":"list","block":{"attributes":{"rip":{"type":"number","description_kind":"plain","optional":true},"route_map":{"type":"string","description_kind":"plain","optional":true}},"description_kind":"plain"},"max_items":1},"static_cfg":{"nesting_mode":"list","block":{"attributes":{"route_map":{"type":"string","description_kind":"plain","optional":true},"static":{"type":"number","description_kind":"plain","optional":true}},"description_kind":"plain"},"max_items":1},"static_nat_cfg":{"nesting_mode":"list","block":{"attributes":{"route_map":{"type":"string","description_kind":"plain","optional":true},"static_nat":{"type":"number","description_kind":"plain","optional":true}},"description_kind":"plain"},"max_items":1},"vip":{"nesting_mode":"list","block":{"block_types":{"only_flagged_cfg":{"nesting_mode":"list","block":{"attributes":{"only_flagged":{"type":"number","description_kind":"plain","optional":true},"route_map":{"type":"string","description_kind":"plain","optional":true}},"description_kind":"plain"},"max_items":1},"only_not_flagged_cfg":{"nesting_mode":"list","block":{"attributes":{"only_not_flagged":{"type":"number","description_kind":"plain","optional":true},"route_map":{"type":"string","description_kind":"plain","optional":true}},"description_kind":"plain"},"max_items":1}},"description_kind":"plain"},"max_items":1}},"description_kind":"plain"}},"thunder_router_bgp_neighbor_ethernet_neighbor":{"version":0,"block":{"attributes":{"action":{"type":"string","description_kind":"plain","optional":true},"as_number":{"type":"number","description_kind":"plain","optional":true},"ethernet":{"type":"number","description_kind":"plain","optional":true},"id":{"type":"string","description_kind":"plain","optional":true,"computed":true},"peer_group_name":{"type":"string","description_kind":"plain","optional":true},"process_id":{"type":"string","description_kind":"plain","optional":true},"sequence":{"type":"string","description_kind":"plain","optional":true},"unnumbered":{"type":"number","description_kind":"plain","optional":true},"uuid":{"type":"string","description_kind":"plain","optional":true}},"description_kind":"plain"}},"thunder_router_bgp_neighbor_ipv4_neighbor":{"version":0,"block":{"attributes":{"acos_application_only":{"type":"number","description_kind":"plain","optional":true},"activate":{"type":"number","description_kind":"plain","optional":true},"advertisement_interval":{"type":"number","description_kind":"plain","optional":true},"allowas_in":{"type":"number","description_kind":"plain","optional":true},"allowas_in_count":{"type":"number","description_kind":"plain","optional":true},"as_number":{"type":"number","description_kind":"plain","optional":true},"as_origination_interval":{"type":"number","description_kind":"plain","optional":true},"bfd":{"type":"number","description_kind":"plain","optional":true},"bfd_value":{"type":"string","description_kind":"plain","optional":true},"collide_established":{"type":"number","description_kind":"plain","optional":true},"connect":{"type":"number","description_kind":"plain","optional":true},"default_originate":{"type":"number","description_kind":"plain","optional":true},"description":{"type":"string","description_kind":"plain","optional":true},"disallow_infinite_holdtime":{"type":"number","description_kind":"plain","optional":true},"dont_capability_negotiate":{"type":"number","description_kind":"plain","optional":true},"dynamic":{"type":"number","description_kind":"plain","optional":true},"ebgp_multihop":{"type":"number","description_kind":"plain","optional":true},"ebgp_multihop_hop_count":{"type":"number","description_kind":"plain","optional":true},"enforce_multihop":{"type":"number","description_kind":"plain","optional":true},"ethernet":{"type":"number","description_kind":"plain","optional":true},"graceful_restart":{"type":"number","description_kind":"plain","optional":true},"id":{"type":"string","description_kind":"plain","optional":true,"computed":true},"inbound":{"type":"number","description_kind":"plain","optional":true},"key_id":{"type":"number","description_kind":"plain","optional":true},"key_type":{"type":"string","description_kind":"plain","optional":true},"lif":{"type":"number","description_kind":"plain","optional":true},"loopback":{"type":"number","description_kind":"plain","optional":true},"maximum_prefix":{"type":"number","description_kind":"plain","optional":true},"maximum_prefix_thres":{"type":"number","description_kind":"plain","optional":true},"multihop":{"type":"number","description_kind":"plain","optional":true},"nbr_remote_as":{"type":"number","description_kind":"plain","optional":true},"neighbor_ipv4":{"type":"string","description_kind":"plain","optional":true},"next_hop_self":{"type":"number","description_kind":"plain","optional":true},"override_capability":{"type":"number","description_kind":"plain","optional":true},"pass_value":{"type":"string","description_kind":"plain","optional":true},"passive":{"type":"number","description_kind":"plain","optional":true},"peer_group_name":{"type":"string","description_kind":"plain","optional":true},"prefix_list_direction":{"type":"string","description_kind":"plain","optional":true},"remove_private_as":{"type":"number","description_kind":"plain","optional":true},"route_map":{"type":"string","description_kind":"plain","optional":true},"route_refresh":{"type":"number","description_kind":"plain","optional":true},"send_community_val":{"type":"string","description_kind":"plain","optional":true},"shutdown":{"type":"number","description_kind":"plain","optional":true},"strict_capability_match":{"type":"number","description_kind":"plain","optional":true},"timers_holdtime":{"type":"number","description_kind":"plain","optional":true},"timers_keepalive":{"type":"number","description_kind":"plain","optional":true},"trunk":{"type":"number","description_kind":"plain","optional":true},"tunnel":{"type":"number","description_kind":"plain","optional":true},"unsuppress_map":{"type":"string","description_kind":"plain","optional":true},"update_source_ip":{"type":"string","description_kind":"plain","optional":true},"update_source_ipv6":{"type":"string","description_kind":"plain","optional":true},"uuid":{"type":"string","description_kind":"plain","optional":true},"ve":{"type":"number","description_kind":"plain","optional":true},"weight":{"type":"number","description_kind":"plain","optional":true}},"block_types":{"distribute_lists":{"nesting_mode":"list","block":{"attributes":{"distribute_list":{"type":"string","description_kind":"plain","optional":true},"distribute_list_direction":{"type":"string","description_kind":"plain","optional":true}},"description_kind":"plain"}},"neighbor_filter_lists":{"nesting_mode":"list","block":{"attributes":{"filter_list":{"type":"string","description_kind":"plain","optional":true},"filter_list_direction":{"type":"string","description_kind":"plain","optional":true}},"description_kind":"plain"}},"neighbor_prefix_lists":{"nesting_mode":"list","block":{"attributes":{"nbr_prefix_list":{"type":"string","description_kind":"plain","optional":true},"nbr_prefix_list_direction":{"type":"string","description_kind":"plain","optional":true}},"description_kind":"plain"}},"neighbor_route_map_lists":{"nesting_mode":"list","block":{"attributes":{"nbr_rmap_direction":{"type":"string","description_kind":"plain","optional":true},"nbr_route_map":{"type":"string","description_kind":"plain","optional":true}},"description_kind":"plain"}}},"description_kind":"plain"}},"thunder_router_bgp_neighbor_ipv6_neighbor":{"version":0,"block":{"attributes":{"acos_application_only":{"type":"number","description_kind":"plain","optional":true},"action":{"type":"string","description_kind":"plain","optional":true},"activate":{"type":"number","description_kind":"plain","optional":true},"advertisement_interval":{"type":"number","description_kind":"plain","optional":true},"allowas_in":{"type":"number","description_kind":"plain","optional":true},"allowas_in_count":{"type":"number","description_kind":"plain","optional":true},"as_number":{"type":"number","description_kind":"plain","optional":true},"as_origination_interval":{"type":"number","description_kind":"plain","optional":true},"bfd":{"type":"number","description_kind":"plain","optional":true},"bfd_value":{"type":"string","description_kind":"plain","optional":true},"collide_established":{"type":"number","description_kind":"plain","optional":true},"connect":{"type":"number","description_kind":"plain","optional":true},"default_originate":{"type":"number","description_kind":"plain","optional":true},"description":{"type":"string","description_kind":"plain","optional":true},"disallow_infinite_holdtime":{"type":"number","description_kind":"plain","optional":true},"dont_capability_negotiate":{"type":"number","description_kind":"plain","optional":true},"dynamic":{"type":"number","description_kind":"plain","optional":true},"ebgp_multihop":{"type":"number","description_kind":"plain","optional":true},"ebgp_multihop_hop_count":{"type":"number","description_kind":"plain","optional":true},"enforce_multihop":{"type":"number","description_kind":"plain","optional":true},"ethernet":{"type":"number","description_kind":"plain","optional":true},"extended_nexthop":{"type":"number","description_kind":"plain","optional":true},"graceful_restart":{"type":"number","description_kind":"plain","optional":true},"id":{"type":"string","description_kind":"plain","optional":true,"computed":true},"inbound":{"type":"number","description_kind":"plain","optional":true},"key_id":{"type":"number","description_kind":"plain","optional":true},"key_type":{"type":"string","description_kind":"plain","optional":true},"lif":{"type":"number","description_kind":"plain","optional":true},"loopback":{"type":"number","description_kind":"plain","optional":true},"maximum_prefix":{"type":"number","description_kind":"plain","optional":true},"maximum_prefix_thres":{"type":"number","description_kind":"plain","optional":true},"multihop":{"type":"number","description_kind":"plain","optional":true},"nbr_remote_as":{"type":"number","description_kind":"plain","optional":true},"neighbor_ipv6":{"type":"string","description_kind":"plain","optional":true},"next_hop_self":{"type":"number","description_kind":"plain","optional":true},"override_capability":{"type":"number","description_kind":"plain","optional":true},"pass_value":{"type":"string","description_kind":"plain","optional":true},"passive":{"type":"number","description_kind":"plain","optional":true},"peer_group_name":{"type":"string","description_kind":"plain","optional":true},"prefix_list_direction":{"type":"string","description_kind":"plain","optional":true},"process_id":{"type":"string","description_kind":"plain","optional":true},"remove_private_as":{"type":"number","description_kind":"plain","optional":true},"route_map":{"type":"string","description_kind":"plain","optional":true},"route_refresh":{"type":"number","description_kind":"plain","optional":true},"send_community_val":{"type":"string","description_kind":"plain","optional":true},"sequence":{"type":"string","description_kind":"plain","optional":true},"shutdown":{"type":"number","description_kind":"plain","optional":true},"strict_capability_match":{"type":"number","description_kind":"plain","optional":true},"timers_holdtime":{"type":"number","description_kind":"plain","optional":true},"timers_keepalive":{"type":"number","description_kind":"plain","optional":true},"trunk":{"type":"number","description_kind":"plain","optional":true},"tunnel":{"type":"number","description_kind":"plain","optional":true},"unsuppress_map":{"type":"string","description_kind":"plain","optional":true},"update_source_ip":{"type":"string","description_kind":"plain","optional":true},"update_source_ipv6":{"type":"string","description_kind":"plain","optional":true},"uuid":{"type":"string","description_kind":"plain","optional":true},"ve":{"type":"number","description_kind":"plain","optional":true},"weight":{"type":"number","description_kind":"plain","optional":true}},"block_types":{"distribute_lists":{"nesting_mode":"list","block":{"attributes":{"distribute_list":{"type":"string","description_kind":"plain","optional":true},"distribute_list_direction":{"type":"string","description_kind":"plain","optional":true}},"description_kind":"plain"}},"neighbor_filter_lists":{"nesting_mode":"list","block":{"attributes":{"filter_list":{"type":"string","description_kind":"plain","optional":true},"filter_list_direction":{"type":"string","description_kind":"plain","optional":true}},"description_kind":"plain"}},"neighbor_prefix_lists":{"nesting_mode":"list","block":{"attributes":{"nbr_prefix_list":{"type":"string","description_kind":"plain","optional":true},"nbr_prefix_list_direction":{"type":"string","description_kind":"plain","optional":true}},"description_kind":"plain"}},"neighbor_route_map_lists":{"nesting_mode":"list","block":{"attributes":{"nbr_rmap_direction":{"type":"string","description_kind":"plain","optional":true},"nbr_route_map":{"type":"string","description_kind":"plain","optional":true}},"description_kind":"plain"}}},"description_kind":"plain"}},"thunder_router_bgp_neighbor_peer_group_neighbor":{"version":0,"block":{"attributes":{"action":{"type":"string","description_kind":"plain","optional":true},"activate":{"type":"number","description_kind":"plain","optional":true},"advertisement_interval":{"type":"number","description_kind":"plain","optional":true},"allowas_in":{"type":"number","description_kind":"plain","optional":true},"allowas_in_count":{"type":"number","description_kind":"plain","optional":true},"as_number":{"type":"number","description_kind":"plain","optional":true},"as_origination_interval":{"type":"number","description_kind":"plain","optional":true},"bfd":{"type":"number","description_kind":"plain","optional":true},"collide_established":{"type":"number","description_kind":"plain","optional":true},"connect":{"type":"number","description_kind":"plain","optional":true},"default_originate":{"type":"number","description_kind":"plain","optional":true},"description":{"type":"string","description_kind":"plain","optional":true},"disallow_infinite_holdtime":{"type":"number","description_kind":"plain","optional":true},"dont_capability_negotiate":{"type":"number","description_kind":"plain","optional":true},"dynamic":{"type":"number","description_kind":"plain","optional":true},"ebgp_multihop":{"type":"number","description_kind":"plain","optional":true},"ebgp_multihop_hop_count":{"type":"number","description_kind":"plain","optional":true},"enforce_multihop":{"type":"number","description_kind":"plain","optional":true},"ethernet":{"type":"number","description_kind":"plain","optional":true},"extended_nexthop":{"type":"number","description_kind":"plain","optional":true},"id":{"type":"string","description_kind":"plain","optional":true,"computed":true},"inbound":{"type":"number","description_kind":"plain","optional":true},"lif":{"type":"number","description_kind":"plain","optional":true},"loopback":{"type":"number","description_kind":"plain","optional":true},"maximum_prefix":{"type":"number","description_kind":"plain","optional":true},"maximum_prefix_thres":{"type":"number","description_kind":"plain","optional":true},"multihop":{"type":"number","description_kind":"plain","optional":true},"next_hop_self":{"type":"number","description_kind":"plain","optional":true},"override_capability":{"type":"number","description_kind":"plain","optional":true},"pass_value":{"type":"string","description_kind":"plain","optional":true},"passive":{"type":"number","description_kind":"plain","optional":true},"peer_group":{"type":"string","description_kind":"plain","optional":true},"peer_group_key":{"type":"number","description_kind":"plain","optional":true},"peer_group_remote_as":{"type":"number","description_kind":"plain","optional":true},"prefix_list_direction":{"type":"string","description_kind":"plain","optional":true},"process_id":{"type":"string","description_kind":"plain","optional":true},"remove_private_as":{"type":"number","description_kind":"plain","optional":true},"route_map":{"type":"string","description_kind":"plain","optional":true},"route_refresh":{"type":"number","description_kind":"plain","optional":true},"send_community_val":{"type":"string","description_kind":"plain","optional":true},"sequence":{"type":"string","description_kind":"plain","optional":true},"shutdown":{"type":"number","description_kind":"plain","optional":true},"strict_capability_match":{"type":"number","description_kind":"plain","optional":true},"timers_holdtime":{"type":"number","description_kind":"plain","optional":true},"timers_keepalive":{"type":"number","description_kind":"plain","optional":true},"trunk":{"type":"number","description_kind":"plain","optional":true},"tunnel":{"type":"number","description_kind":"plain","optional":true},"unsuppress_map":{"type":"string","description_kind":"plain","optional":true},"update_source_ip":{"type":"string","description_kind":"plain","optional":true},"update_source_ipv6":{"type":"string","description_kind":"plain","optional":true},"uuid":{"type":"string","description_kind":"plain","optional":true},"ve":{"type":"number","description_kind":"plain","optional":true},"weight":{"type":"number","description_kind":"plain","optional":true}},"block_types":{"distribute_lists":{"nesting_mode":"list","block":{"attributes":{"distribute_list":{"type":"string","description_kind":"plain","optional":true},"distribute_list_direction":{"type":"string","description_kind":"plain","optional":true}},"description_kind":"plain"}},"neighbor_filter_lists":{"nesting_mode":"list","block":{"attributes":{"filter_list":{"type":"string","description_kind":"plain","optional":true},"filter_list_direction":{"type":"string","description_kind":"plain","optional":true}},"description_kind":"plain"}},"neighbor_prefix_lists":{"nesting_mode":"list","block":{"attributes":{"nbr_prefix_list":{"type":"string","description_kind":"plain","optional":true},"nbr_prefix_list_direction":{"type":"string","description_kind":"plain","optional":true}},"description_kind":"plain"}},"neighbor_route_map_lists":{"nesting_mode":"list","block":{"attributes":{"nbr_rmap_direction":{"type":"string","description_kind":"plain","optional":true},"nbr_route_map":{"type":"string","description_kind":"plain","optional":true}},"description_kind":"plain"}}},"description_kind":"plain"}},"thunder_router_bgp_neighbor_trunk_neighbor":{"version":0,"block":{"attributes":{"action":{"type":"string","description_kind":"plain","optional":true},"as_number":{"type":"number","description_kind":"plain","optional":true},"id":{"type":"string","description_kind":"plain","optional":true,"computed":true},"peer_group_name":{"type":"string","description_kind":"plain","optional":true},"process_id":{"type":"string","description_kind":"plain","optional":true},"sequence":{"type":"string","description_kind":"plain","optional":true},"trunk":{"type":"number","description_kind":"plain","optional":true},"unnumbered":{"type":"number","description_kind":"plain","optional":true},"uuid":{"type":"string","description_kind":"plain","optional":true}},"description_kind":"plain"}},"thunder_router_bgp_neighbor_ve_neighbor":{"version":0,"block":{"attributes":{"as_number":{"type":"number","description_kind":"plain","optional":true},"id":{"type":"string","description_kind":"plain","optional":true,"computed":true},"peer_group_name":{"type":"string","description_kind":"plain","optional":true},"process_id":{"type":"string","description_kind":"plain","optional":true},"unnumbered":{"type":"number","description_kind":"plain","optional":true},"uuid":{"type":"string","description_kind":"plain","optional":true},"ve":{"type":"number","description_kind":"plain","optional":true}},"description_kind":"plain"}},"thunder_router_bgp_network_ip_cidr":{"version":0,"block":{"attributes":{"action":{"type":"string","description_kind":"plain","optional":true},"as_number":{"type":"number","description_kind":"plain","optional":true},"backdoor":{"type":"number","description_kind":"plain","optional":true},"comm_value":{"type":"string","description_kind":"plain","optional":true},"description":{"type":"string","description_kind":"plain","optional":true},"id":{"type":"string","description_kind":"plain","optional":true,"computed":true},"network_ipv4_cidr":{"type":"string","description_kind":"plain","optional":true},"process_id":{"type":"string","description_kind":"plain","optional":true},"route_map":{"type":"string","description_kind":"plain","optional":true},"sequence":{"type":"string","description_kind":"plain","optional":true},"uuid":{"type":"string","description_kind":"plain","optional":true}},"description_kind":"plain"}},"thunder_router_bgp_network_synchronization":{"version":0,"block":{"attributes":{"action":{"type":"string","description_kind":"plain","optional":true},"as_number":{"type":"number","description_kind":"plain","optional":true},"id":{"type":"string","description_kind":"plain","optional":true,"computed":true},"network_synchronization":{"type":"number","description_kind":"plain","optional":true},"process_id":{"type":"string","description_kind":"plain","optional":true},"sequence":{"type":"string","description_kind":"plain","optional":true},"uuid":{"type":"string","description_kind":"plain","optional":true}},"description_kind":"plain"}},"thunder_router_bgp_redistribute":{"version":0,"block":{"attributes":{"action":{"type":"string","description_kind":"plain","optional":true},"as_number":{"type":"number","description_kind":"plain","optional":true},"id":{"type":"string","description_kind":"plain","optional":true,"computed":true},"process_id":{"type":"string","description_kind":"plain","optional":true},"sequence":{"type":"string","description_kind":"plain","optional":true},"uuid":{"type":"string","description_kind":"plain","optional":true}},"block_types":{"connected_cfg":{"nesting_mode":"list","block":{"attributes":{"connected":{"type":"number","description_kind":"plain","optional":true},"route_map":{"type":"string","description_kind":"plain","optional":true}},"description_kind":"plain"},"max_items":1},"floating_ip_cfg":{"nesting_mode":"list","block":{"attributes":{"floating_ip":{"type":"number","description_kind":"plain","optional":true},"route_map":{"type":"string","description_kind":"plain","optional":true}},"description_kind":"plain"},"max_items":1},"ip_nat_cfg":{"nesting_mode":"list","block":{"attributes":{"ip_nat":{"type":"number","description_kind":"plain","optional":true},"route_map":{"type":"string","description_kind":"plain","optional":true}},"description_kind":"plain"},"max_items":1},"ip_nat_list_cfg":{"nesting_mode":"list","block":{"attributes":{"ip_nat_list":{"type":"number","description_kind":"plain","optional":true},"route_map":{"type":"string","description_kind":"plain","optional":true}},"description_kind":"plain"},"max_items":1},"isis_cfg":{"nesting_mode":"list","block":{"attributes":{"isis":{"type":"number","description_kind":"plain","optional":true},"route_map":{"type":"string","description_kind":"plain","optional":true}},"description_kind":"plain"},"max_items":1},"lw4o6_cfg":{"nesting_mode":"list","block":{"attributes":{"lw4o6":{"type":"number","description_kind":"plain","optional":true},"route_map":{"type":"string","description_kind":"plain","optional":true}},"description_kind":"plain"},"max_items":1},"nat_map_cfg":{"nesting_mode":"list","block":{"attributes":{"nat_map":{"type":"number","description_kind":"plain","optional":true},"route_map":{"type":"string","description_kind":"plain","optional":true}},"description_kind":"plain"},"max_items":1},"ospf_cfg":{"nesting_mode":"list","block":{"attributes":{"ospf":{"type":"number","description_kind":"plain","optional":true},"route_map":{"type":"string","description_kind":"plain","optional":true}},"description_kind":"plain"},"max_items":1},"rip_cfg":{"nesting_mode":"list","block":{"attributes":{"rip":{"type":"number","description_kind":"plain","optional":true},"route_map":{"type":"string","description_kind":"plain","optional":true}},"description_kind":"plain"},"max_items":1},"static_cfg":{"nesting_mode":"list","block":{"attributes":{"route_map":{"type":"string","description_kind":"plain","optional":true},"static":{"type":"number","description_kind":"plain","optional":true}},"description_kind":"plain"},"max_items":1},"static_nat_cfg":{"nesting_mode":"list","block":{"attributes":{"route_map":{"type":"string","description_kind":"plain","optional":true},"static_nat":{"type":"number","description_kind":"plain","optional":true}},"description_kind":"plain"},"max_items":1},"vip":{"nesting_mode":"list","block":{"block_types":{"only_flagged_cfg":{"nesting_mode":"list","block":{"attributes":{"only_flagged":{"type":"number","description_kind":"plain","optional":true},"route_map":{"type":"string","description_kind":"plain","optional":true}},"description_kind":"plain"},"max_items":1},"only_not_flagged_cfg":{"nesting_mode":"list","block":{"attributes":{"only_not_flagged":{"type":"number","description_kind":"plain","optional":true},"route_map":{"type":"string","description_kind":"plain","optional":true}},"description_kind":"plain"},"max_items":1}},"description_kind":"plain"},"max_items":1}},"description_kind":"plain"}},"thunder_router_ospf":{"version":0,"block":{"attributes":{"action":{"type":"string","description_kind":"plain","optional":true},"as_number":{"type":"string","description_kind":"plain","optional":true},"auto_cost_reference_bandwidth":{"type":"number","description_kind":"plain","optional":true},"bfd_all_interfaces":{"type":"number","description_kind":"plain","optional":true},"default_metric":{"type":"number","description_kind":"plain","optional":true},"id":{"type":"string","description_kind":"plain","optional":true,"computed":true},"max_concurrent_dd":{"type":"number","description_kind":"plain","optional":true},"maximum_area":{"type":"number","description_kind":"plain","optional":true},"process_id":{"type":"number","description_kind":"plain","optional":true},"rfc1583_compatible":{"type":"number","description_kind":"plain","optional":true},"sequence":{"type":"string","description_kind":"plain","optional":true},"user_tag":{"type":"string","description_kind":"plain","optional":true},"uuid":{"type":"string","description_kind":"plain","optional":true}},"block_types":{"area_list":{"nesting_mode":"list","block":{"attributes":{"area_ipv4":{"type":"string","description_kind":"plain","optional":true},"area_num":{"type":"number","description_kind":"plain","optional":true},"default_cost":{"type":"number","description_kind":"plain","optional":true},"shortcut":{"type":"string","description_kind":"plain","optional":true},"uuid":{"type":"string","description_kind":"plain","optional":true}},"block_types":{"auth_cfg":{"nesting_mode":"list","block":{"attributes":{"authentication":{"type":"number","description_kind":"plain","optional":true},"message_digest":{"type":"number","description_kind":"plain","optional":true}},"description_kind":"plain"},"max_items":1},"filter_lists":{"nesting_mode":"list","block":{"attributes":{"acl_direction":{"type":"string","description_kind":"plain","optional":true},"acl_name":{"type":"string","description_kind":"plain","optional":true},"filter_list":{"type":"number","description_kind":"plain","optional":true},"plist_direction":{"type":"string","description_kind":"plain","optional":true},"plist_name":{"type":"string","description_kind":"plain","optional":true}},"description_kind":"plain"}},"nssa_cfg":{"nesting_mode":"list","block":{"attributes":{"default_information_originate":{"type":"number","description_kind":"plain","optional":true},"metric":{"type":"number","description_kind":"plain","optional":true},"metric_type":{"type":"number","description_kind":"plain","optional":true},"no_redistribution":{"type":"number","description_kind":"plain","optional":true},"no_summary":{"type":"number","description_kind":"plain","optional":true},"nssa":{"type":"number","description_kind":"plain","optional":true},"translator_role":{"type":"string","description_kind":"plain","optional":true}},"description_kind":"plain"},"max_items":1},"range_list":{"nesting_mode":"list","block":{"attributes":{"area_range_prefix":{"type":"string","description_kind":"plain","optional":true},"option":{"type":"string","description_kind":"plain","optional":true}},"description_kind":"plain"}},"stub_cfg":{"nesting_mode":"list","block":{"attributes":{"no_summary":{"type":"number","description_kind":"plain","optional":true},"stub":{"type":"number","description_kind":"plain","optional":true}},"description_kind":"plain"},"max_items":1},"virtual_link_list":{"nesting_mode":"list","block":{"attributes":{"authentication_key":{"type":"string","description_kind":"plain","optional":true},"bfd":{"type":"number","description_kind":"plain","optional":true},"dead_interval":{"type":"number","description_kind":"plain","optional":true},"hello_interval":{"type":"number","description_kind":"plain","optional":true},"md5":{"type":"string","description_kind":"plain","optional":true},"message_digest_key":{"type":"number","description_kind":"plain","optional":true},"retransmit_interval":{"type":"number","description_kind":"plain","optional":true},"transmit_delay":{"type":"number","description_kind":"plain","optional":true},"virtual_link_auth_type":{"type":"string","description_kind":"plain","optional":true},"virtual_link_authentication":{"type":"number","description_kind":"plain","optional":true},"virtual_link_ip_addr":{"type":"string","description_kind":"plain","optional":true}},"description_kind":"plain"}}},"description_kind":"plain"}},"default_information":{"nesting_mode":"list","block":{"attributes":{"always":{"type":"number","description_kind":"plain","optional":true},"metric":{"type":"number","description_kind":"plain","optional":true},"metric_type":{"type":"number","description_kind":"plain","optional":true},"originate":{"type":"number","description_kind":"plain","optional":true},"route_map":{"type":"string","description_kind":"plain","optional":true},"uuid":{"type":"string","description_kind":"plain","optional":true}},"description_kind":"plain"},"max_items":1},"distance":{"nesting_mode":"list","block":{"attributes":{"distance_value":{"type":"number","description_kind":"plain","optional":true}},"block_types":{"distance_ospf":{"nesting_mode":"list","block":{"attributes":{"distance_external":{"type":"number","description_kind":"plain","optional":true},"distance_inter_area":{"type":"number","description_kind":"plain","optional":true},"distance_intra_area":{"type":"number","description_kind":"plain","optional":true}},"description_kind":"plain"},"max_items":1}},"description_kind":"plain"},"max_items":1},"distribute_internal_list":{"nesting_mode":"list","block":{"attributes":{"di_area_ipv4":{"type":"string","description_kind":"plain","optional":true},"di_area_num":{"type":"number","description_kind":"plain","optional":true},"di_cost":{"type":"number","description_kind":"plain","optional":true},"di_type":{"type":"string","description_kind":"plain","optional":true}},"description_kind":"plain"}},"distribute_lists":{"nesting_mode":"list","block":{"attributes":{"direction":{"type":"string","description_kind":"plain","optional":true},"option":{"type":"string","description_kind":"plain","optional":true},"ospf_id":{"type":"number","description_kind":"plain","optional":true},"protocol":{"type":"string","description_kind":"plain","optional":true},"value":{"type":"string","description_kind":"plain","optional":true}},"description_kind":"plain"}},"ha_standby_extra_cost":{"nesting_mode":"list","block":{"attributes":{"extra_cost":{"type":"number","description_kind":"plain","optional":true},"group":{"type":"number","description_kind":"plain","optional":true}},"description_kind":"plain"}},"host_list":{"nesting_mode":"list","block":{"attributes":{"host_address":{"type":"string","description_kind":"plain","optional":true}},"block_types":{"area_cfg":{"nesting_mode":"list","block":{"attributes":{"area_ipv4":{"type":"string","description_kind":"plain","optional":true},"area_num":{"type":"number","description_kind":"plain","optional":true},"cost":{"type":"number","description_kind":"plain","optional":true}},"description_kind":"plain"},"max_items":1}},"description_kind":"plain"}},"log_adjacency_changes_cfg":{"nesting_mode":"list","block":{"attributes":{"state":{"type":"string","description_kind":"plain","optional":true}},"description_kind":"plain"},"max_items":1},"neighbor_list":{"nesting_mode":"list","block":{"attributes":{"address":{"type":"string","description_kind":"plain","optional":true},"cost":{"type":"number","description_kind":"plain","optional":true},"poll_interval":{"type":"number","description_kind":"plain","optional":true},"priority":{"type":"number","description_kind":"plain","optional":true}},"description_kind":"plain"}},"network_list":{"nesting_mode":"list","block":{"attributes":{"network_ipv4":{"type":"string","description_kind":"plain","optional":true},"network_ipv4_cidr":{"type":"string","description_kind":"plain","optional":true},"network_ipv4_mask":{"type":"string","description_kind":"plain","optional":true}},"block_types":{"network_area":{"nesting_mode":"list","block":{"attributes":{"instance_value":{"type":"number","description_kind":"plain","optional":true},"network_area_ipv4":{"type":"string","description_kind":"plain","optional":true},"network_area_num":{"type":"number","description_kind":"plain","optional":true}},"description_kind":"plain"},"max_items":1}},"description_kind":"plain"}},"ospf_1":{"nesting_mode":"list","block":{"block_types":{"abr_type":{"nesting_mode":"list","block":{"attributes":{"option":{"type":"string","description_kind":"plain","optional":true}},"description_kind":"plain"},"max_items":1}},"description_kind":"plain"},"max_items":1},"overflow":{"nesting_mode":"list","block":{"block_types":{"database":{"nesting_mode":"list","block":{"attributes":{"count":{"type":"number","description_kind":"plain","optional":true},"db_external":{"type":"number","description_kind":"plain","optional":true},"limit":{"type":"string","description_kind":"plain","optional":true},"recovery_time":{"type":"number","description_kind":"plain","optional":true}},"description_kind":"plain"},"max_items":1}},"description_kind":"plain"},"max_items":1},"passive_interface":{"nesting_mode":"list","block":{"block_types":{"eth_cfg":{"nesting_mode":"list","block":{"attributes":{"eth_address":{"type":"string","description_kind":"plain","optional":true},"ethernet":{"type":"number","description_kind":"plain","optional":true}},"description_kind":"plain"}},"lif_cfg":{"nesting_mode":"list","block":{"attributes":{"lif":{"type":"number","description_kind":"plain","optional":true},"lif_address":{"type":"string","description_kind":"plain","optional":true}},"description_kind":"plain"}},"loopback_cfg":{"nesting_mode":"list","block":{"attributes":{"loopback":{"type":"number","description_kind":"plain","optional":true},"loopback_address":{"type":"string","description_kind":"plain","optional":true}},"description_kind":"plain"}},"trunk_cfg":{"nesting_mode":"list","block":{"attributes":{"trunk":{"type":"number","description_kind":"plain","optional":true},"trunk_address":{"type":"string","description_kind":"plain","optional":true}},"description_kind":"plain"}},"tunnel_cfg":{"nesting_mode":"list","block":{"attributes":{"tunnel":{"type":"number","description_kind":"plain","optional":true},"tunnel_address":{"type":"string","description_kind":"plain","optional":true}},"description_kind":"plain"}},"ve_cfg":{"nesting_mode":"list","block":{"attributes":{"ve":{"type":"number","description_kind":"plain","optional":true},"ve_address":{"type":"string","description_kind":"plain","optional":true}},"description_kind":"plain"}}},"description_kind":"plain"},"max_items":1},"redistribute":{"nesting_mode":"list","block":{"attributes":{"ip_nat":{"type":"number","description_kind":"plain","optional":true},"metric_ip_nat":{"type":"number","description_kind":"plain","optional":true},"metric_type_ip_nat":{"type":"string","description_kind":"plain","optional":true},"route_map_ip_nat":{"type":"string","description_kind":"plain","optional":true},"tag_ip_nat":{"type":"number","description_kind":"plain","optional":true},"uuid":{"type":"string","description_kind":"plain","optional":true}},"block_types":{"ip_nat_floating_list":{"nesting_mode":"list","block":{"attributes":{"ip_nat_floating_ip_forward":{"type":"string","description_kind":"plain","optional":true},"ip_nat_prefix":{"type":"string","description_kind":"plain","optional":true}},"description_kind":"plain"}},"ospf_list":{"nesting_mode":"list","block":{"attributes":{"metric_ospf":{"type":"number","description_kind":"plain","optional":true},"metric_type_ospf":{"type":"string","description_kind":"plain","optional":true},"ospf":{"type":"number","description_kind":"plain","optional":true},"process_id":{"type":"number","description_kind":"plain","optional":true},"route_map_ospf":{"type":"string","description_kind":"plain","optional":true},"tag_ospf":{"type":"number","description_kind":"plain","optional":true}},"description_kind":"plain"}},"redist_list":{"nesting_mode":"list","block":{"attributes":{"metric":{"type":"number","description_kind":"plain","optional":true},"metric_type":{"type":"string","description_kind":"plain","optional":true},"route_map":{"type":"string","description_kind":"plain","optional":true},"tag":{"type":"number","description_kind":"plain","optional":true},"type":{"type":"string","description_kind":"plain","optional":true}},"description_kind":"plain"}},"vip_floating_list":{"nesting_mode":"list","block":{"attributes":{"vip_address":{"type":"string","description_kind":"plain","optional":true},"vip_floating_ip_forward":{"type":"string","description_kind":"plain","optional":true}},"description_kind":"plain"}},"vip_list":{"nesting_mode":"list","block":{"attributes":{"metric_type_vip":{"type":"string","description_kind":"plain","optional":true},"metric_vip":{"type":"number","description_kind":"plain","optional":true},"route_map_vip":{"type":"string","description_kind":"plain","optional":true},"tag_vip":{"type":"number","description_kind":"plain","optional":true},"type_vip":{"type":"string","description_kind":"plain","optional":true}},"description_kind":"plain"}}},"description_kind":"plain"},"max_items":1},"router_id":{"nesting_mode":"list","block":{"attributes":{"value":{"type":"string","description_kind":"plain","optional":true}},"description_kind":"plain"},"max_items":1},"summary_address_list":{"nesting_mode":"list","block":{"attributes":{"not_advertise":{"type":"number","description_kind":"plain","optional":true},"summary_address":{"type":"string","description_kind":"plain","optional":true},"tag":{"type":"number","description_kind":"plain","optional":true}},"description_kind":"plain"}},"timers":{"nesting_mode":"list","block":{"block_types":{"spf":{"nesting_mode":"list","block":{"block_types":{"exp":{"nesting_mode":"list","block":{"attributes":{"max_delay":{"type":"number","description_kind":"plain","optional":true},"min_delay":{"type":"number","description_kind":"plain","optional":true}},"description_kind":"plain"},"max_items":1}},"description_kind":"plain"},"max_items":1}},"description_kind":"plain"},"max_items":1}},"description_kind":"plain"}},"thunder_router_ospf_area":{"version":0,"block":{"attributes":{"area_ipv4":{"type":"string","description_kind":"plain","optional":true},"area_num":{"type":"number","description_kind":"plain","optional":true},"as_number":{"type":"string","description_kind":"plain","optional":true},"default_cost":{"type":"number","description_kind":"plain","optional":true},"id":{"type":"string","description_kind":"plain","optional":true,"computed":true},"process_id":{"type":"number","description_kind":"plain","optional":true},"shortcut":{"type":"string","description_kind":"plain","optional":true},"uuid":{"type":"string","description_kind":"plain","optional":true}},"block_types":{"auth_cfg":{"nesting_mode":"list","block":{"attributes":{"authentication":{"type":"number","description_kind":"plain","optional":true},"message_digest":{"type":"number","description_kind":"plain","optional":true}},"description_kind":"plain"},"max_items":1},"filter_lists":{"nesting_mode":"list","block":{"attributes":{"acl_direction":{"type":"string","description_kind":"plain","optional":true},"acl_name":{"type":"string","description_kind":"plain","optional":true},"filter_list":{"type":"number","description_kind":"plain","optional":true},"plist_direction":{"type":"string","description_kind":"plain","optional":true},"plist_name":{"type":"string","description_kind":"plain","optional":true}},"description_kind":"plain"}},"nssa_cfg":{"nesting_mode":"list","block":{"attributes":{"default_information_originate":{"type":"number","description_kind":"plain","optional":true},"metric":{"type":"number","description_kind":"plain","optional":true},"metric_type":{"type":"number","description_kind":"plain","optional":true},"no_redistribution":{"type":"number","description_kind":"plain","optional":true},"no_summary":{"type":"number","description_kind":"plain","optional":true},"nssa":{"type":"number","description_kind":"plain","optional":true},"translator_role":{"type":"string","description_kind":"plain","optional":true}},"description_kind":"plain"},"max_items":1},"range_list":{"nesting_mode":"list","block":{"attributes":{"area_range_prefix":{"type":"string","description_kind":"plain","optional":true},"option":{"type":"string","description_kind":"plain","optional":true}},"description_kind":"plain"}},"stub_cfg":{"nesting_mode":"list","block":{"attributes":{"no_summary":{"type":"number","description_kind":"plain","optional":true},"stub":{"type":"number","description_kind":"plain","optional":true}},"description_kind":"plain"},"max_items":1},"virtual_link_list":{"nesting_mode":"list","block":{"attributes":{"authentication_key":{"type":"string","description_kind":"plain","optional":true},"bfd":{"type":"number","description_kind":"plain","optional":true},"dead_interval":{"type":"number","description_kind":"plain","optional":true},"hello_interval":{"type":"number","description_kind":"plain","optional":true},"md5":{"type":"string","description_kind":"plain","optional":true},"message_digest_key":{"type":"number","description_kind":"plain","optional":true},"retransmit_interval":{"type":"number","description_kind":"plain","optional":true},"transmit_delay":{"type":"number","description_kind":"plain","optional":true},"virtual_link_auth_type":{"type":"string","description_kind":"plain","optional":true},"virtual_link_authentication":{"type":"number","description_kind":"plain","optional":true},"virtual_link_ip_addr":{"type":"string","description_kind":"plain","optional":true}},"description_kind":"plain"}}},"description_kind":"plain"}},"thunder_router_ospf_default_information":{"version":0,"block":{"attributes":{"always":{"type":"number","description_kind":"plain","optional":true},"as_number":{"type":"string","description_kind":"plain","optional":true},"id":{"type":"string","description_kind":"plain","optional":true,"computed":true},"metric":{"type":"number","description_kind":"plain","optional":true},"metric_type":{"type":"number","description_kind":"plain","optional":true},"originate":{"type":"number","description_kind":"plain","optional":true},"process_id":{"type":"string","description_kind":"plain","optional":true},"route_map":{"type":"string","description_kind":"plain","optional":true},"uuid":{"type":"string","description_kind":"plain","optional":true}},"description_kind":"plain"}},"thunder_router_ospf_redistribute":{"version":0,"block":{"attributes":{"action":{"type":"string","description_kind":"plain","optional":true},"as_number":{"type":"string","description_kind":"plain","optional":true},"id":{"type":"string","description_kind":"plain","optional":true,"computed":true},"ip_nat":{"type":"number","description_kind":"plain","optional":true},"metric_ip_nat":{"type":"number","description_kind":"plain","optional":true},"metric_type_ip_nat":{"type":"string","description_kind":"plain","optional":true},"process_id":{"type":"number","description_kind":"plain","optional":true},"route_map_ip_nat":{"type":"string","description_kind":"plain","optional":true},"sequence":{"type":"string","description_kind":"plain","optional":true},"tag_ip_nat":{"type":"number","description_kind":"plain","optional":true},"uuid":{"type":"string","description_kind":"plain","optional":true}},"block_types":{"ip_nat_floating_list":{"nesting_mode":"list","block":{"attributes":{"ip_nat_floating_ip_forward":{"type":"string","description_kind":"plain","optional":true},"ip_nat_prefix":{"type":"string","description_kind":"plain","optional":true}},"description_kind":"plain"}},"ospf_list":{"nesting_mode":"list","block":{"attributes":{"metric_ospf":{"type":"number","description_kind":"plain","optional":true},"metric_type_ospf":{"type":"string","description_kind":"plain","optional":true},"ospf":{"type":"number","description_kind":"plain","optional":true},"process_id":{"type":"number","description_kind":"plain","optional":true},"route_map_ospf":{"type":"string","description_kind":"plain","optional":true},"tag_ospf":{"type":"number","description_kind":"plain","optional":true}},"description_kind":"plain"}},"redist_list":{"nesting_mode":"list","block":{"attributes":{"metric":{"type":"number","description_kind":"plain","optional":true},"metric_type":{"type":"string","description_kind":"plain","optional":true},"route_map":{"type":"string","description_kind":"plain","optional":true},"tag":{"type":"number","description_kind":"plain","optional":true},"type":{"type":"string","description_kind":"plain","optional":true}},"description_kind":"plain"}},"vip_floating_list":{"nesting_mode":"list","block":{"attributes":{"vip_address":{"type":"string","description_kind":"plain","optional":true},"vip_floating_ip_forward":{"type":"string","description_kind":"plain","optional":true}},"description_kind":"plain"}},"vip_list":{"nesting_mode":"list","block":{"attributes":{"metric_type_vip":{"type":"string","description_kind":"plain","optional":true},"metric_vip":{"type":"number","description_kind":"plain","optional":true},"route_map_vip":{"type":"string","description_kind":"plain","optional":true},"tag_vip":{"type":"number","description_kind":"plain","optional":true},"type_vip":{"type":"string","description_kind":"plain","optional":true}},"description_kind":"plain"}}},"description_kind":"plain"}},"thunder_server":{"version":0,"block":{"attributes":{"action":{"type":"string","description_kind":"plain","optional":true},"conn_limit":{"type":"number","description_kind":"plain","optional":true},"conn_resume":{"type":"number","description_kind":"plain","optional":true},"extended_stats":{"type":"number","description_kind":"plain","optional":true},"external_ip":{"type":"string","description_kind":"plain","optional":true},"fqdn_name":{"type":"string","description_kind":"plain","optional":true},"health_check":{"type":"string","description_kind":"plain","optional":true},"health_check_disable":{"type":"number","description_kind":"plain","optional":true},"health_check_shared":{"type":"string","description_kind":"plain","optional":true},"host":{"type":"string","description_kind":"plain","optional":true},"id":{"type":"string","description_kind":"plain","optional":true,"computed":true},"ipv6":{"type":"string","description_kind":"plain","optional":true},"name":{"type":"string","description_kind":"plain","optional":true},"no_logging":{"type":"number","description_kind":"plain","optional":true},"resolve_as":{"type":"string","description_kind":"plain","optional":true},"server_ipv6_addr":{"type":"string","description_kind":"plain","optional":true},"shared_partition_health_check":{"type":"number","description_kind":"plain","optional":true},"slow_start":{"type":"number","description_kind":"plain","optional":true},"spoofing_cache":{"type":"number","description_kind":"plain","optional":true},"stats_data_action":{"type":"string","description_kind":"plain","optional":true},"template_server":{"type":"string","description_kind":"plain","optional":true},"user_tag":{"type":"string","description_kind":"plain","optional":true},"uuid":{"type":"string","description_kind":"plain","optional":true},"weight":{"type":"number","description_kind":"plain","optional":true}},"block_types":{"alternate_server":{"nesting_mode":"list","block":{"attributes":{"alternate":{"type":"number","description_kind":"plain","optional":true},"alternate_name":{"type":"string","description_kind":"plain","optional":true}},"description_kind":"plain"}},"port_list":{"nesting_mode":"list","block":{"attributes":{"action":{"type":"string","description_kind":"plain","optional":true},"conn_limit":{"type":"number","description_kind":"plain","optional":true},"conn_resume":{"type":"number","description_kind":"plain","optional":true},"extended_stats":{"type":"number","description_kind":"plain","optional":true},"follow_port_protocol":{"type":"string","description_kind":"plain","optional":true},"health_check":{"type":"string","description_kind":"plain","optional":true},"health_check_disable":{"type":"number","description_kind":"plain","optional":true},"health_check_follow_port":{"type":"number","description_kind":"plain","optional":true},"no_logging":{"type":"number","description_kind":"plain","optional":true},"no_ssl":{"type":"number","description_kind":"plain","optional":true},"port_number":{"type":"number","description_kind":"plain","optional":true},"protocol":{"type":"string","description_kind":"plain","optional":true},"range":{"type":"number","description_kind":"plain","optional":true},"rport_health_check_shared":{"type":"string","description_kind":"plain","optional":true},"shared_rport_health_check":{"type":"number","description_kind":"plain","optional":true},"stats_data_action":{"type":"string","description_kind":"plain","optional":true},"support_http2":{"type":"number","description_kind":"plain","optional":true},"template_port":{"type":"string","description_kind":"plain","optional":true},"template_server_ssl":{"type":"string","description_kind":"plain","optional":true},"user_tag":{"type":"string","description_kind":"plain","optional":true},"uuid":{"type":"string","description_kind":"plain","optional":true},"weight":{"type":"number","description_kind":"plain","optional":true}},"block_types":{"alternate_port":{"nesting_mode":"list","block":{"attributes":{"alternate":{"type":"number","description_kind":"plain","optional":true},"alternate_name":{"type":"string","description_kind":"plain","optional":true},"alternate_server_port":{"type":"number","description_kind":"plain","optional":true}},"description_kind":"plain"}},"sampling_enable":{"nesting_mode":"list","block":{"attributes":{"counters1":{"type":"string","description_kind":"plain","optional":true}},"description_kind":"plain"}}},"description_kind":"plain"}},"sampling_enable":{"nesting_mode":"list","block":{"attributes":{"counters1":{"type":"string","description_kind":"plain","optional":true}},"description_kind":"plain"}}},"description_kind":"plain"}},"thunder_service_group":{"version":0,"block":{"attributes":{"backup_server_event_log":{"type":"number","description_kind":"plain","optional":true},"conn_rate":{"type":"number","description_kind":"plain","optional":true},"conn_rate_duration":{"type":"number","description_kind":"plain","optional":true},"conn_rate_grace_period":{"type":"number","description_kind":"plain","optional":true},"conn_rate_log":{"type":"number","description_kind":"plain","optional":true},"conn_rate_revert_duration":{"type":"number","description_kind":"plain","optional":true},"conn_revert_rate":{"type":"number","description_kind":"plain","optional":true},"extended_stats":{"type":"number","description_kind":"plain","optional":true},"health_check":{"type":"string","description_kind":"plain","optional":true},"health_check_disable":{"type":"number","description_kind":"plain","optional":true},"id":{"type":"string","description_kind":"plain","optional":true,"computed":true},"l4_session_revert_duration":{"type":"number","description_kind":"plain","optional":true},"l4_session_usage":{"type":"number","description_kind":"plain","optional":true},"l4_session_usage_duration":{"type":"number","description_kind":"plain","optional":true},"l4_session_usage_grace_period":{"type":"number","description_kind":"plain","optional":true},"l4_session_usage_log":{"type":"number","description_kind":"plain","optional":true},"l4_session_usage_revert_rate":{"type":"number","description_kind":"plain","optional":true},"lb_method":{"type":"string","description_kind":"plain","optional":true},"lc_method":{"type":"string","description_kind":"plain","optional":true},"min_active_member":{"type":"number","description_kind":"plain","optional":true},"min_active_member_action":{"type":"string","description_kind":"plain","optional":true},"name":{"type":"string","description_kind":"plain","optional":true},"priority_affinity":{"type":"number","description_kind":"plain","optional":true},"protocol":{"type":"string","description_kind":"plain","optional":true},"pseudo_round_robin":{"type":"number","description_kind":"plain","optional":true},"report_delay":{"type":"number","description_kind":"plain","optional":true},"reset_on_server_selection_fail":{"type":"number","description_kind":"plain","optional":true},"reset_priority_affinity":{"type":"number","description_kind":"plain","optional":true},"rpt_ext_server":{"type":"number","description_kind":"plain","optional":true},"sample_rsp_time":{"type":"number","description_kind":"plain","optional":true},"shared_partition_policy_template":{"type":"number","description_kind":"plain","optional":true},"shared_partition_svcgrp_health_check":{"type":"number","description_kind":"plain","optional":true},"stateless_auto_switch":{"type":"number","description_kind":"plain","optional":true},"stateless_lb_method":{"type":"string","description_kind":"plain","optional":true},"stateless_lb_method2":{"type":"string","description_kind":"plain","optional":true},"stats_data_action":{"type":"string","description_kind":"plain","optional":true},"strict_select":{"type":"number","description_kind":"plain","optional":true},"svcgrp_health_check_shared":{"type":"string","description_kind":"plain","optional":true},"template_policy":{"type":"string","description_kind":"plain","optional":true},"template_policy_shared":{"type":"string","description_kind":"plain","optional":true},"template_port":{"type":"string","description_kind":"plain","optional":true},"template_server":{"type":"string","description_kind":"plain","optional":true},"top_fastest":{"type":"number","description_kind":"plain","optional":true},"top_slowest":{"type":"number","description_kind":"plain","optional":true},"traffic_replication_mirror":{"type":"number","description_kind":"plain","optional":true},"traffic_replication_mirror_da_repl":{"type":"number","description_kind":"plain","optional":true},"traffic_replication_mirror_ip_repl":{"type":"number","description_kind":"plain","optional":true},"traffic_replication_mirror_sa_da_repl":{"type":"number","description_kind":"plain","optional":true},"traffic_replication_mirror_sa_repl":{"type":"number","description_kind":"plain","optional":true},"user_tag":{"type":"string","description_kind":"plain","optional":true},"uuid":{"type":"string","description_kind":"plain","optional":true}},"block_types":{"member_list":{"nesting_mode":"list","block":{"attributes":{"fqdn_name":{"type":"string","description_kind":"plain","optional":true},"host":{"type":"string","description_kind":"plain","optional":true},"member_priority":{"type":"number","description_kind":"plain","optional":true},"member_state":{"type":"string","description_kind":"plain","optional":true},"member_stats_data_disable":{"type":"number","description_kind":"plain","optional":true},"member_template":{"type":"string","description_kind":"plain","optional":true},"name":{"type":"string","description_kind":"plain","optional":true},"port":{"type":"number","description_kind":"plain","optional":true},"resolve_as":{"type":"string","description_kind":"plain","optional":true},"server_ipv6_addr":{"type":"string","description_kind":"plain","optional":true},"user_tag":{"type":"string","description_kind":"plain","optional":true},"uuid":{"type":"string","description_kind":"plain","optional":true}},"block_types":{"sampling_enable":{"nesting_mode":"list","block":{"attributes":{"counters1":{"type":"string","description_kind":"plain","optional":true}},"description_kind":"plain"}}},"description_kind":"plain"}},"priorities":{"nesting_mode":"list","block":{"attributes":{"priority":{"type":"number","description_kind":"plain","optional":true},"priority_action":{"type":"string","description_kind":"plain","optional":true}},"description_kind":"plain"}},"sampling_enable":{"nesting_mode":"list","block":{"attributes":{"counters1":{"type":"string","description_kind":"plain","optional":true}},"description_kind":"plain"}}},"description_kind":"plain"}},"thunder_slb_aflow":{"version":0,"block":{"attributes":{"id":{"type":"string","description_kind":"plain","optional":true,"computed":true},"uuid":{"type":"string","description_kind":"plain","optional":true}},"block_types":{"sampling_enable":{"nesting_mode":"list","block":{"attributes":{"counters1":{"type":"string","description_kind":"plain","optional":true}},"description_kind":"plain"}}},"description_kind":"plain"}},"thunder_slb_common":{"version":0,"block":{"attributes":{"after_disable":{"type":"number","description_kind":"plain","optional":true},"auto_nat_no_ip_refresh":{"type":"string","description_kind":"plain","optional":true},"buff_thresh":{"type":"number","description_kind":"plain","optional":true},"buff_thresh_hw_buff":{"type":"number","description_kind":"plain","optional":true},"buff_thresh_relieve_thresh":{"type":"number","description_kind":"plain","optional":true},"buff_thresh_sys_buff_high":{"type":"number","description_kind":"plain","optional":true},"buff_thresh_sys_buff_low":{"type":"number","description_kind":"plain","optional":true},"compress_block_size":{"type":"number","description_kind":"plain","optional":true},"disable_adaptive_resource_check":{"type":"number","description_kind":"plain","optional":true},"disable_server_auto_reselect":{"type":"number","description_kind":"plain","optional":true},"dns_cache_age":{"type":"number","description_kind":"plain","optional":true},"dns_cache_enable":{"type":"number","description_kind":"plain","optional":true},"dns_cache_entry_size":{"type":"number","description_kind":"plain","optional":true},"dns_vip_stateless":{"type":"number","description_kind":"plain","optional":true},"drop_icmp_to_vip_when_vip_down":{"type":"number","description_kind":"plain","optional":true},"dsr_health_check_enable":{"type":"number","description_kind":"plain","optional":true},"enable_l7_req_acct":{"type":"number","description_kind":"plain","optional":true},"entity":{"type":"string","description_kind":"plain","optional":true},"exclude_destination":{"type":"string","description_kind":"plain","optional":true},"extended_stats":{"type":"number","description_kind":"plain","optional":true},"fast_path_disable":{"type":"number","description_kind":"plain","optional":true},"gateway_health_check":{"type":"number","description_kind":"plain","optional":true},"graceful_shutdown":{"type":"number","description_kind":"plain","optional":true},"graceful_shutdown_enable":{"type":"number","description_kind":"plain","optional":true},"honor_server_response_ttl":{"type":"number","description_kind":"plain","optional":true},"hw_compression":{"type":"number","description_kind":"plain","optional":true},"hw_syn_rr":{"type":"number","description_kind":"plain","optional":true},"id":{"type":"string","description_kind":"plain","optional":true,"computed":true},"interval":{"type":"number","description_kind":"plain","optional":true},"l2l3_trunk_lb_disable":{"type":"number","description_kind":"plain","optional":true},"log_for_reset_unknown_conn":{"type":"number","description_kind":"plain","optional":true},"low_latency":{"type":"number","description_kind":"plain","optional":true},"max_buff_queued_per_conn":{"type":"number","description_kind":"plain","optional":true},"max_http_header_count":{"type":"number","description_kind":"plain","optional":true},"max_local_rate":{"type":"number","description_kind":"plain","optional":true},"max_remote_rate":{"type":"number","description_kind":"plain","optional":true},"msl_time":{"type":"number","description_kind":"plain","optional":true},"mss_table":{"type":"number","description_kind":"plain","optional":true},"no_auto_up_on_aflex":{"type":"number","description_kind":"plain","optional":true},"override_port":{"type":"number","description_kind":"plain","optional":true},"pkt_rate_for_reset_unknown_conn":{"type":"number","description_kind":"plain","optional":true},"player_id_check_enable":{"type":"number","description_kind":"plain","optional":true},"range":{"type":"number","description_kind":"plain","optional":true},"range_end":{"type":"number","description_kind":"plain","optional":true},"range_start":{"type":"number","description_kind":"plain","optional":true},"rate_limit_logging":{"type":"number","description_kind":"plain","optional":true},"reset_stale_session":{"type":"number","description_kind":"plain","optional":true},"resolve_port_conflict":{"type":"number","description_kind":"plain","optional":true},"response_type":{"type":"string","description_kind":"plain","optional":true},"scale_out":{"type":"number","description_kind":"plain","optional":true},"snat_gwy_for_l3":{"type":"number","description_kind":"plain","optional":true},"snat_on_vip":{"type":"number","description_kind":"plain","optional":true},"software":{"type":"number","description_kind":"plain","optional":true},"sort_res":{"type":"number","description_kind":"plain","optional":true},"ssli_sni_hash_enable":{"type":"number","description_kind":"plain","optional":true},"stateless_sg_multi_binding":{"type":"number","description_kind":"plain","optional":true},"stats_data_disable":{"type":"number","description_kind":"plain","optional":true},"timeout":{"type":"number","description_kind":"plain","optional":true},"ttl_threshold":{"type":"number","description_kind":"plain","optional":true},"use_mss_tab":{"type":"number","description_kind":"plain","optional":true},"uuid":{"type":"string","description_kind":"plain","optional":true}},"block_types":{"conn_rate_limit":{"nesting_mode":"list","block":{"block_types":{"src_ip_list":{"nesting_mode":"list","block":{"attributes":{"exceed_action":{"type":"number","description_kind":"plain","optional":true},"limit":{"type":"number","description_kind":"plain","optional":true},"limit_period":{"type":"string","description_kind":"plain","optional":true},"lock_out":{"type":"number","description_kind":"plain","optional":true},"log":{"type":"number","description_kind":"plain","optional":true},"protocol":{"type":"string","description_kind":"plain","optional":true},"shared":{"type":"number","description_kind":"plain","optional":true},"uuid":{"type":"string","description_kind":"plain","optional":true}},"description_kind":"plain"}}},"description_kind":"plain"},"max_items":1},"ddos_protection":{"nesting_mode":"list","block":{"attributes":{"ipd_enable_toggle":{"type":"string","description_kind":"plain","optional":true}},"block_types":{"logging":{"nesting_mode":"list","block":{"attributes":{"ipd_logging_toggle":{"type":"string","description_kind":"plain","optional":true}},"description_kind":"plain"},"max_items":1},"packets_per_second":{"nesting_mode":"list","block":{"attributes":{"ipd_tcp":{"type":"number","description_kind":"plain","optional":true},"ipd_udp":{"type":"number","description_kind":"plain","optional":true}},"description_kind":"plain"},"max_items":1}},"description_kind":"plain"},"max_items":1},"dns_response_rate_limiting":{"nesting_mode":"list","block":{"attributes":{"max_table_entries":{"type":"number","description_kind":"plain","optional":true},"uuid":{"type":"string","description_kind":"plain","optional":true}},"description_kind":"plain"},"max_items":1}},"description_kind":"plain"}},"thunder_slb_common_conn_rate_limit_src_ip":{"version":0,"block":{"attributes":{"exceed_action":{"type":"number","description_kind":"plain","optional":true},"id":{"type":"string","description_kind":"plain","optional":true,"computed":true},"limit":{"type":"number","description_kind":"plain","optional":true},"limit_period":{"type":"string","description_kind":"plain","optional":true},"lock_out":{"type":"number","description_kind":"plain","optional":true},"log":{"type":"number","description_kind":"plain","optional":true},"protocol":{"type":"string","description_kind":"plain","optional":true},"shared":{"type":"number","description_kind":"plain","optional":true},"uuid":{"type":"string","description_kind":"plain","optional":true}},"description_kind":"plain"}},"thunder_slb_connection_reuse":{"version":0,"block":{"attributes":{"id":{"type":"string","description_kind":"plain","optional":true,"computed":true},"uuid":{"type":"string","description_kind":"plain","optional":true}},"block_types":{"sampling_enable":{"nesting_mode":"list","block":{"attributes":{"counters1":{"type":"string","description_kind":"plain","optional":true}},"description_kind":"plain"}}},"description_kind":"plain"}},"thunder_slb_crl_srcip":{"version":0,"block":{"attributes":{"id":{"type":"string","description_kind":"plain","optional":true,"computed":true},"uuid":{"type":"string","description_kind":"plain","optional":true}},"block_types":{"sampling_enable":{"nesting_mode":"list","block":{"attributes":{"counters1":{"type":"string","description_kind":"plain","optional":true}},"description_kind":"plain"}}},"description_kind":"plain"}},"thunder_slb_dns":{"version":0,"block":{"attributes":{"id":{"type":"string","description_kind":"plain","optional":true,"computed":true},"uuid":{"type":"string","description_kind":"plain","optional":true}},"block_types":{"sampling_enable":{"nesting_mode":"list","block":{"attributes":{"counters1":{"type":"string","description_kind":"plain","optional":true}},"description_kind":"plain"}}},"description_kind":"plain"}},"thunder_slb_dns_cache":{"version":0,"block":{"attributes":{"id":{"type":"string","description_kind":"plain","optional":true,"computed":true},"uuid":{"type":"string","description_kind":"plain","optional":true}},"block_types":{"sampling_enable":{"nesting_mode":"list","block":{"attributes":{"counters1":{"type":"string","description_kind":"plain","optional":true}},"description_kind":"plain"}}},"description_kind":"plain"}},"thunder_slb_dns_response_rate_limiting":{"version":0,"block":{"attributes":{"id":{"type":"string","description_kind":"plain","optional":true,"computed":true},"uuid":{"type":"string","description_kind":"plain","optional":true}},"block_types":{"sampling_enable":{"nesting_mode":"list","block":{"attributes":{"counters1":{"type":"string","description_kind":"plain","optional":true}},"description_kind":"plain"}}},"description_kind":"plain"}},"thunder_slb_fast_http_proxy":{"version":0,"block":{"attributes":{"id":{"type":"string","description_kind":"plain","optional":true,"computed":true},"uuid":{"type":"string","description_kind":"plain","optional":true}},"block_types":{"sampling_enable":{"nesting_mode":"list","block":{"attributes":{"counters1":{"type":"string","description_kind":"plain","optional":true},"counters2":{"type":"string","description_kind":"plain","optional":true}},"description_kind":"plain"}}},"description_kind":"plain"}},"thunder_slb_fix":{"version":0,"block":{"attributes":{"id":{"type":"string","description_kind":"plain","optional":true,"computed":true},"uuid":{"type":"string","description_kind":"plain","optional":true}},"block_types":{"sampling_enable":{"nesting_mode":"list","block":{"attributes":{"counters1":{"type":"string","description_kind":"plain","optional":true}},"description_kind":"plain"}}},"description_kind":"plain"}},"thunder_slb_ftp_ctl":{"version":0,"block":{"attributes":{"id":{"type":"string","description_kind":"plain","optional":true,"computed":true},"uuid":{"type":"string","description_kind":"plain","optional":true}},"block_types":{"sampling_enable":{"nesting_mode":"list","block":{"attributes":{"counters1":{"type":"string","description_kind":"plain","optional":true}},"description_kind":"plain"}}},"description_kind":"plain"}},"thunder_slb_ftp_data":{"version":0,"block":{"attributes":{"id":{"type":"string","description_kind":"plain","optional":true,"computed":true},"uuid":{"type":"string","description_kind":"plain","optional":true}},"block_types":{"sampling_enable":{"nesting_mode":"list","block":{"attributes":{"counters1":{"type":"string","description_kind":"plain","optional":true}},"description_kind":"plain"}}},"description_kind":"plain"}},"thunder_slb_ftp_proxy":{"version":0,"block":{"attributes":{"id":{"type":"string","description_kind":"plain","optional":true,"computed":true},"uuid":{"type":"string","description_kind":"plain","optional":true}},"block_types":{"sampling_enable":{"nesting_mode":"list","block":{"attributes":{"counters1":{"type":"string","description_kind":"plain","optional":true}},"description_kind":"plain"}}},"description_kind":"plain"}},"thunder_slb_generic_proxy":{"version":0,"block":{"attributes":{"id":{"type":"string","description_kind":"plain","optional":true,"computed":true},"uuid":{"type":"string","description_kind":"plain","optional":true}},"block_types":{"sampling_enable":{"nesting_mode":"list","block":{"attributes":{"counters1":{"type":"string","description_kind":"plain","optional":true}},"description_kind":"plain"}}},"description_kind":"plain"}},"thunder_slb_health_gateway":{"version":0,"block":{"attributes":{"id":{"type":"string","description_kind":"plain","optional":true,"computed":true},"uuid":{"type":"string","description_kind":"plain","optional":true}},"block_types":{"sampling_enable":{"nesting_mode":"list","block":{"attributes":{"counters1":{"type":"string","description_kind":"plain","optional":true}},"description_kind":"plain"}}},"description_kind":"plain"}},"thunder_slb_health_stat":{"version":0,"block":{"attributes":{"id":{"type":"string","description_kind":"plain","optional":true,"computed":true},"uuid":{"type":"string","description_kind":"plain","optional":true}},"block_types":{"sampling_enable":{"nesting_mode":"list","block":{"attributes":{"counters1":{"type":"string","description_kind":"plain","optional":true}},"description_kind":"plain"}}},"description_kind":"plain"}},"thunder_slb_http2":{"version":0,"block":{"attributes":{"id":{"type":"string","description_kind":"plain","optional":true,"computed":true},"uuid":{"type":"string","description_kind":"plain","optional":true}},"block_types":{"sampling_enable":{"nesting_mode":"list","block":{"attributes":{"counters1":{"type":"string","description_kind":"plain","optional":true}},"description_kind":"plain"}}},"description_kind":"plain"}},"thunder_slb_http_proxy":{"version":0,"block":{"attributes":{"id":{"type":"string","description_kind":"plain","optional":true,"computed":true},"uuid":{"type":"string","description_kind":"plain","optional":true}},"block_types":{"sampling_enable":{"nesting_mode":"list","block":{"attributes":{"counters1":{"type":"string","description_kind":"plain","optional":true},"counters2":{"type":"string","description_kind":"plain","optional":true}},"description_kind":"plain"}}},"description_kind":"plain"}},"thunder_slb_hw_compress":{"version":0,"block":{"attributes":{"id":{"type":"string","description_kind":"plain","optional":true,"computed":true},"uuid":{"type":"string","description_kind":"plain","optional":true}},"block_types":{"sampling_enable":{"nesting_mode":"list","block":{"attributes":{"counters1":{"type":"string","description_kind":"plain","optional":true}},"description_kind":"plain"}}},"description_kind":"plain"}},"thunder_slb_icap":{"version":0,"block":{"attributes":{"id":{"type":"string","description_kind":"plain","optional":true,"computed":true}},"block_types":{"sampling_enable":{"nesting_mode":"list","block":{"attributes":{"counters1":{"type":"string","description_kind":"plain","optional":true}},"description_kind":"plain"}}},"description_kind":"plain"}},"thunder_slb_icap_http":{"version":0,"block":{"attributes":{"id":{"type":"string","description_kind":"plain","optional":true,"computed":true}},"block_types":{"sampling_enable":{"nesting_mode":"list","block":{"attributes":{"counters1":{"type":"string","description_kind":"plain","optional":true}},"description_kind":"plain"}}},"description_kind":"plain"}},"thunder_slb_imapproxy":{"version":0,"block":{"attributes":{"id":{"type":"string","description_kind":"plain","optional":true,"computed":true}},"block_types":{"sampling_enable":{"nesting_mode":"list","block":{"attributes":{"counters1":{"type":"string","description_kind":"plain","optional":true}},"description_kind":"plain"}}},"description_kind":"plain"}},"thunder_slb_l4":{"version":0,"block":{"attributes":{"id":{"type":"string","description_kind":"plain","optional":true,"computed":true}},"block_types":{"sampling_enable":{"nesting_mode":"list","block":{"attributes":{"counters1":{"type":"string","description_kind":"plain","optional":true}},"description_kind":"plain"}}},"description_kind":"plain"}},"thunder_slb_l7session":{"version":0,"block":{"attributes":{"id":{"type":"string","description_kind":"plain","optional":true,"computed":true}},"block_types":{"sampling_enable":{"nesting_mode":"list","block":{"attributes":{"counters1":{"type":"string","description_kind":"plain","optional":true}},"description_kind":"plain"}}},"description_kind":"plain"}},"thunder_slb_mlb":{"version":0,"block":{"attributes":{"id":{"type":"string","description_kind":"plain","optional":true,"computed":true}},"block_types":{"sampling_enable":{"nesting_mode":"list","block":{"attributes":{"counters1":{"type":"string","description_kind":"plain","optional":true}},"description_kind":"plain"}}},"description_kind":"plain"}},"thunder_slb_mssql":{"version":0,"block":{"attributes":{"id":{"type":"string","description_kind":"plain","optional":true,"computed":true}},"block_types":{"sampling_enable":{"nesting_mode":"list","block":{"attributes":{"counters1":{"type":"string","description_kind":"plain","optional":true}},"description_kind":"plain"}}},"description_kind":"plain"}},"thunder_slb_mysql":{"version":0,"block":{"attributes":{"id":{"type":"string","description_kind":"plain","optional":true,"computed":true}},"block_types":{"sampling_enable":{"nesting_mode":"list","block":{"attributes":{"counters1":{"type":"string","description_kind":"plain","optional":true}},"description_kind":"plain"}}},"description_kind":"plain"}},"thunder_slb_passthrough":{"version":0,"block":{"attributes":{"id":{"type":"string","description_kind":"plain","optional":true,"computed":true}},"block_types":{"sampling_enable":{"nesting_mode":"list","block":{"attributes":{"counters1":{"type":"string","description_kind":"plain","optional":true}},"description_kind":"plain"}}},"description_kind":"plain"}},"thunder_slb_perf":{"version":0,"block":{"attributes":{"id":{"type":"string","description_kind":"plain","optional":true,"computed":true}},"block_types":{"sampling_enable":{"nesting_mode":"list","block":{"attributes":{"counters1":{"type":"string","description_kind":"plain","optional":true}},"description_kind":"plain"}}},"description_kind":"plain"}},"thunder_slb_persist":{"version":0,"block":{"attributes":{"id":{"type":"string","description_kind":"plain","optional":true,"computed":true}},"block_types":{"sampling_enable":{"nesting_mode":"list","block":{"attributes":{"counters1":{"type":"string","description_kind":"plain","optional":true}},"description_kind":"plain"}}},"description_kind":"plain"}},"thunder_slb_player_id_global":{"version":0,"block":{"attributes":{"abs_max_expiration":{"type":"number","description_kind":"plain","optional":true},"enable_64bit_player_id":{"type":"number","description_kind":"plain","optional":true},"enforcement_timer":{"type":"number","description_kind":"plain","optional":true},"force_passive":{"type":"number","description_kind":"plain","optional":true},"id":{"type":"string","description_kind":"plain","optional":true,"computed":true},"min_expiration":{"type":"number","description_kind":"plain","optional":true},"pkt_activity_expiration":{"type":"number","description_kind":"plain","optional":true}},"block_types":{"sampling_enable":{"nesting_mode":"list","block":{"attributes":{"counters1":{"type":"string","description_kind":"plain","optional":true}},"description_kind":"plain"}}},"description_kind":"plain"}},"thunder_slb_pop3_proxy":{"version":0,"block":{"attributes":{"id":{"type":"string","description_kind":"plain","optional":true,"computed":true}},"block_types":{"sampling_enable":{"nesting_mode":"list","block":{"attributes":{"counters1":{"type":"string","description_kind":"plain","optional":true}},"description_kind":"plain"}}},"description_kind":"plain"}},"thunder_slb_proxy":{"version":0,"block":{"attributes":{"id":{"type":"string","description_kind":"plain","optional":true,"computed":true}},"block_types":{"sampling_enable":{"nesting_mode":"list","block":{"attributes":{"counters1":{"type":"string","description_kind":"plain","optional":true}},"description_kind":"plain"}}},"description_kind":"plain"}},"thunder_slb_rate_limit_log":{"version":0,"block":{"attributes":{"id":{"type":"string","description_kind":"plain","optional":true,"computed":true}},"block_types":{"sampling_enable":{"nesting_mode":"list","block":{"attributes":{"counters1":{"type":"string","description_kind":"plain","optional":true}},"description_kind":"plain"}}},"description_kind":"plain"}},"thunder_slb_rc_cache_global":{"version":0,"block":{"attributes":{"id":{"type":"string","description_kind":"plain","optional":true,"computed":true}},"block_types":{"sampling_enable":{"nesting_mode":"list","block":{"attributes":{"counters1":{"type":"string","description_kind":"plain","optional":true}},"description_kind":"plain"}}},"description_kind":"plain"}},"thunder_slb_resource_usage":{"version":0,"block":{"attributes":{"cache_template_count":{"type":"number","description_kind":"plain","optional":true},"client_ssl_template_count":{"type":"number","description_kind":"plain","optional":true},"conn_reuse_template_count":{"type":"number","description_kind":"plain","optional":true},"fast_tcp_template_count":{"type":"number","description_kind":"plain","optional":true},"fast_udp_template_count":{"type":"number","description_kind":"plain","optional":true},"health_monitor_count":{"type":"number","description_kind":"plain","optional":true},"http_template_count":{"type":"number","description_kind":"plain","optional":true},"id":{"type":"string","description_kind":"plain","optional":true,"computed":true},"nat_pool_addr_count":{"type":"number","description_kind":"plain","optional":true},"pbslb_subnet_count":{"type":"number","description_kind":"plain","optional":true},"persist_cookie_template_count":{"type":"number","description_kind":"plain","optional":true},"persist_srcip_template_count":{"type":"number","description_kind":"plain","optional":true},"proxy_template_count":{"type":"number","description_kind":"plain","optional":true},"real_port_count":{"type":"number","description_kind":"plain","optional":true},"real_server_count":{"type":"number","description_kind":"plain","optional":true},"server_ssl_template_count":{"type":"number","description_kind":"plain","optional":true},"service_group_count":{"type":"number","description_kind":"plain","optional":true},"slb_threshold_res_usage_percent":{"type":"number","description_kind":"plain","optional":true},"stream_template_count":{"type":"number","description_kind":"plain","optional":true},"virtual_port_count":{"type":"number","description_kind":"plain","optional":true},"virtual_server_count":{"type":"number","description_kind":"plain","optional":true}},"description_kind":"plain"}},"thunder_slb_server_port":{"version":0,"block":{"attributes":{"action":{"type":"string","description_kind":"plain","optional":true},"conn_limit":{"type":"number","description_kind":"plain","optional":true},"conn_resume":{"type":"number","description_kind":"plain","optional":true},"extended_stats":{"type":"number","description_kind":"plain","optional":true},"follow_port_protocol":{"type":"string","description_kind":"plain","optional":true},"health_check":{"type":"string","description_kind":"plain","optional":true},"health_check_disable":{"type":"number","description_kind":"plain","optional":true},"health_check_follow_port":{"type":"number","description_kind":"plain","optional":true},"id":{"type":"string","description_kind":"plain","optional":true,"computed":true},"name":{"type":"string","description_kind":"plain","optional":true},"no_logging":{"type":"number","description_kind":"plain","optional":true},"no_ssl":{"type":"number","description_kind":"plain","optional":true},"port_number":{"type":"number","description_kind":"plain","optional":true},"protocol":{"type":"string","description_kind":"plain","optional":true},"range":{"type":"number","description_kind":"plain","optional":true},"rport_health_check_shared":{"type":"string","description_kind":"plain","optional":true},"shared_partition_port_template":{"type":"number","description_kind":"plain","optional":true},"shared_rport_health_check":{"type":"number","description_kind":"plain","optional":true},"stats_data_action":{"type":"string","description_kind":"plain","optional":true},"support_http2":{"type":"number","description_kind":"plain","optional":true},"template_port":{"type":"string","description_kind":"plain","optional":true},"template_port_shared":{"type":"string","description_kind":"plain","optional":true},"template_server_ssl":{"type":"string","description_kind":"plain","optional":true},"user_tag":{"type":"string","description_kind":"plain","optional":true},"uuid":{"type":"string","description_kind":"plain","optional":true},"weight":{"type":"number","description_kind":"plain","optional":true}},"block_types":{"alternate_port":{"nesting_mode":"list","block":{"attributes":{"alternate":{"type":"number","description_kind":"plain","optional":true},"alternate_name":{"type":"string","description_kind":"plain","optional":true},"alternate_server_port":{"type":"number","description_kind":"plain","optional":true}},"description_kind":"plain"}},"auth_cfg":{"nesting_mode":"list","block":{"attributes":{"service_principal_name":{"type":"string","description_kind":"plain","optional":true}},"description_kind":"plain"},"max_items":1},"sampling_enable":{"nesting_mode":"list","block":{"attributes":{"counters1":{"type":"string","description_kind":"plain","optional":true}},"description_kind":"plain"}}},"description_kind":"plain"}},"thunder_slb_sip":{"version":0,"block":{"attributes":{"id":{"type":"string","description_kind":"plain","optional":true,"computed":true}},"block_types":{"sampling_enable":{"nesting_mode":"list","block":{"attributes":{"counters1":{"type":"string","description_kind":"plain","optional":true}},"description_kind":"plain"}}},"description_kind":"plain"}},"thunder_slb_smpp":{"version":0,"block":{"attributes":{"id":{"type":"string","description_kind":"plain","optional":true,"computed":true}},"block_types":{"sampling_enable":{"nesting_mode":"list","block":{"attributes":{"counters1":{"type":"string","description_kind":"plain","optional":true}},"description_kind":"plain"}}},"description_kind":"plain"}},"thunder_slb_smtp":{"version":0,"block":{"attributes":{"id":{"type":"string","description_kind":"plain","optional":true,"computed":true}},"block_types":{"sampling_enable":{"nesting_mode":"list","block":{"attributes":{"counters1":{"type":"string","description_kind":"plain","optional":true}},"description_kind":"plain"}}},"description_kind":"plain"}},"thunder_slb_spdy_proxy":{"version":0,"block":{"attributes":{"id":{"type":"string","description_kind":"plain","optional":true,"computed":true}},"block_types":{"sampling_enable":{"nesting_mode":"list","block":{"attributes":{"counters1":{"type":"string","description_kind":"plain","optional":true}},"description_kind":"plain"}}},"description_kind":"plain"}},"thunder_slb_sport_rate_limit":{"version":0,"block":{"attributes":{"id":{"type":"string","description_kind":"plain","optional":true,"computed":true}},"block_types":{"sampling_enable":{"nesting_mode":"list","block":{"attributes":{"counters1":{"type":"string","description_kind":"plain","optional":true}},"description_kind":"plain"}}},"description_kind":"plain"}},"thunder_slb_ssl_cert_revoke":{"version":0,"block":{"attributes":{"id":{"type":"string","description_kind":"plain","optional":true,"computed":true}},"block_types":{"sampling_enable":{"nesting_mode":"list","block":{"attributes":{"counters1":{"type":"string","description_kind":"plain","optional":true}},"description_kind":"plain"}}},"description_kind":"plain"}},"thunder_slb_ssl_expire_check":{"version":0,"block":{"attributes":{"before":{"type":"number","description_kind":"plain","optional":true},"expire_address1":{"type":"string","description_kind":"plain","optional":true},"id":{"type":"string","description_kind":"plain","optional":true,"computed":true},"interval_days":{"type":"number","description_kind":"plain","optional":true},"ssl_expire_email_address":{"type":"string","description_kind":"plain","optional":true},"uuid":{"type":"string","description_kind":"plain","optional":true}},"block_types":{"exception":{"nesting_mode":"list","block":{"attributes":{"action":{"type":"string","description_kind":"plain","optional":true},"certificate_name":{"type":"string","description_kind":"plain","optional":true}},"description_kind":"plain"},"max_items":1}},"description_kind":"plain"}},"thunder_slb_ssl_forward_proxy":{"version":0,"block":{"attributes":{"id":{"type":"string","description_kind":"plain","optional":true,"computed":true}},"block_types":{"sampling_enable":{"nesting_mode":"list","block":{"attributes":{"counters1":{"type":"string","description_kind":"plain","optional":true}},"description_kind":"plain"}}},"description_kind":"plain"}},"thunder_slb_svm_source_nat":{"version":0,"block":{"attributes":{"id":{"type":"string","description_kind":"plain","optional":true,"computed":true},"pool":{"type":"string","description_kind":"plain","optional":true}},"description_kind":"plain"}},"thunder_slb_switch":{"version":0,"block":{"attributes":{"id":{"type":"string","description_kind":"plain","optional":true,"computed":true}},"block_types":{"sampling_enable":{"nesting_mode":"list","block":{"attributes":{"counters1":{"type":"string","description_kind":"plain","optional":true}},"description_kind":"plain"}}},"description_kind":"plain"}},"thunder_slb_template_cache":{"version":0,"block":{"attributes":{"accept_reload_req":{"type":"number","description_kind":"plain","optional":true},"age":{"type":"number","description_kind":"plain","optional":true},"default_policy_nocache":{"type":"number","description_kind":"plain","optional":true},"disable_insert_age":{"type":"number","description_kind":"plain","optional":true},"disable_insert_via":{"type":"number","description_kind":"plain","optional":true},"id":{"type":"string","description_kind":"plain","optional":true,"computed":true},"logging":{"type":"string","description_kind":"plain","optional":true},"max_cache_size":{"type":"number","description_kind":"plain","optional":true},"max_content_size":{"type":"number","description_kind":"plain","optional":true},"min_content_size":{"type":"number","description_kind":"plain","optional":true},"name":{"type":"string","description_kind":"plain","optional":true},"packet_capture_template":{"type":"string","description_kind":"plain","optional":true},"remove_cookies":{"type":"number","description_kind":"plain","optional":true},"replacement_policy":{"type":"string","description_kind":"plain","optional":true},"user_tag":{"type":"string","description_kind":"plain","optional":true},"uuid":{"type":"string","description_kind":"plain","optional":true},"verify_host":{"type":"number","description_kind":"plain","optional":true}},"block_types":{"local_uri_policy":{"nesting_mode":"list","block":{"attributes":{"local_uri":{"type":"string","description_kind":"plain","optional":true}},"description_kind":"plain"}},"sampling_enable":{"nesting_mode":"list","block":{"attributes":{"counters1":{"type":"string","description_kind":"plain","optional":true}},"description_kind":"plain"}},"uri_policy":{"nesting_mode":"list","block":{"attributes":{"cache_action":{"type":"string","description_kind":"plain","optional":true},"cache_value":{"type":"number","description_kind":"plain","optional":true},"invalidate":{"type":"string","description_kind":"plain","optional":true},"uri":{"type":"string","description_kind":"plain","optional":true}},"description_kind":"plain"}}},"description_kind":"plain"}},"thunder_slb_template_cipher":{"version":0,"block":{"attributes":{"id":{"type":"string","description_kind":"plain","optional":true,"computed":true},"name":{"type":"string","description_kind":"plain","optional":true},"user_tag":{"type":"string","description_kind":"plain","optional":true},"uuid":{"type":"string","description_kind":"plain","optional":true}},"block_types":{"cipher_cfg":{"nesting_mode":"list","block":{"attributes":{"cipher_suite":{"type":"string","description_kind":"plain","optional":true},"priority":{"type":"number","description_kind":"plain","optional":true}},"description_kind":"plain"}}},"description_kind":"plain"}},"thunder_slb_template_client_ssh":{"version":0,"block":{"attributes":{"encrypted":{"type":"string","description_kind":"plain","optional":true},"forward_proxy_enable":{"type":"number","description_kind":"plain","optional":true},"forward_proxy_hostkey":{"type":"string","description_kind":"plain","optional":true},"id":{"type":"string","description_kind":"plain","optional":true,"computed":true},"name":{"type":"string","description_kind":"plain","optional":true},"passphrase":{"type":"string","description_kind":"plain","optional":true},"user_tag":{"type":"string","description_kind":"plain","optional":true},"uuid":{"type":"string","description_kind":"plain","optional":true}},"description_kind":"plain"}},"thunder_slb_template_client_ssl":{"version":0,"block":{"attributes":{"ad_group_list":{"type":"string","description_kind":"plain","optional":true},"alert_type":{"type":"string","description_kind":"plain","optional":true},"auth_sg":{"type":"string","description_kind":"plain","optional":true},"auth_sg_dn":{"type":"number","description_kind":"plain","optional":true},"auth_sg_filter":{"type":"string","description_kind":"plain","optional":true},"auth_username":{"type":"string","description_kind":"plain","optional":true},"auth_username_attribute":{"type":"string","description_kind":"plain","optional":true},"authen_name":{"type":"string","description_kind":"plain","optional":true},"authorization":{"type":"number","description_kind":"plain","optional":true},"bypass_cert_issuer_class_list_name":{"type":"string","description_kind":"plain","optional":true},"bypass_cert_san_class_list_name":{"type":"string","description_kind":"plain","optional":true},"bypass_cert_subject_class_list_name":{"type":"string","description_kind":"plain","optional":true},"cache_persistence_list_name":{"type":"string","description_kind":"plain","optional":true},"case_insensitive":{"type":"number","description_kind":"plain","optional":true},"cert":{"type":"string","description_kind":"plain","optional":true},"cert_alt_partition_shared":{"type":"number","description_kind":"plain","optional":true},"cert_alternate":{"type":"string","description_kind":"plain","optional":true},"cert_revoke_action":{"type":"string","description_kind":"plain","optional":true},"cert_shared_str":{"type":"string","description_kind":"plain","optional":true},"cert_unknown_action":{"type":"string","description_kind":"plain","optional":true},"chain_cert":{"type":"string","description_kind":"plain","optional":true},"chain_cert_shared_str":{"type":"string","description_kind":"plain","optional":true},"class_list_name":{"type":"string","description_kind":"plain","optional":true},"client_auth_case_insensitive":{"type":"number","description_kind":"plain","optional":true},"client_auth_class_list":{"type":"string","description_kind":"plain","optional":true},"client_certificate":{"type":"string","description_kind":"plain","optional":true},"close_notify":{"type":"number","description_kind":"plain","optional":true},"dgversion":{"type":"number","description_kind":"plain","optional":true},"dh_type":{"type":"string","description_kind":"plain","optional":true},"direct_client_server_auth":{"type":"number","description_kind":"plain","optional":true},"disable_sslv3":{"type":"number","description_kind":"plain","optional":true},"early_data":{"type":"number","description_kind":"plain","optional":true},"enable_tls_alert_logging":{"type":"number","description_kind":"plain","optional":true},"exception_ad_group_list":{"type":"string","description_kind":"plain","optional":true},"exception_certificate_issuer_cl_name":{"type":"string","description_kind":"plain","optional":true},"exception_certificate_san_cl_name":{"type":"string","description_kind":"plain","optional":true},"exception_certificate_subject_cl_name":{"type":"string","description_kind":"plain","optional":true},"exception_sni_cl_name":{"type":"string","description_kind":"plain","optional":true},"exception_user_name_list":{"type":"string","description_kind":"plain","optional":true},"expire_hours":{"type":"number","description_kind":"plain","optional":true},"forward_encrypted":{"type":"string","description_kind":"plain","optional":true},"forward_passphrase":{"type":"string","description_kind":"plain","optional":true},"forward_proxy_alt_sign":{"type":"number","description_kind":"plain","optional":true},"forward_proxy_block_message":{"type":"string","description_kind":"plain","optional":true},"forward_proxy_ca_cert":{"type":"string","description_kind":"plain","optional":true},"forward_proxy_ca_key":{"type":"string","description_kind":"plain","optional":true},"forward_proxy_cert_cache_limit":{"type":"number","description_kind":"plain","optional":true},"forward_proxy_cert_cache_timeout":{"type":"number","description_kind":"plain","optional":true},"forward_proxy_cert_expiry":{"type":"number","description_kind":"plain","optional":true},"forward_proxy_cert_not_ready_action":{"type":"string","description_kind":"plain","optional":true},"forward_proxy_cert_revoke_action":{"type":"number","description_kind":"plain","optional":true},"forward_proxy_cert_unknown_action":{"type":"number","description_kind":"plain","optional":true},"forward_proxy_crl_disable":{"type":"number","description_kind":"plain","optional":true},"forward_proxy_decrypted_dscp":{"type":"number","description_kind":"plain","optional":true},"forward_proxy_decrypted_dscp_bypass":{"type":"number","description_kind":"plain","optional":true},"forward_proxy_enable":{"type":"number","description_kind":"plain","optional":true},"forward_proxy_failsafe_disable":{"type":"number","description_kind":"plain","optional":true},"forward_proxy_log_disable":{"type":"number","description_kind":"plain","optional":true},"forward_proxy_no_shared_cipher_action":{"type":"number","description_kind":"plain","optional":true},"forward_proxy_no_sni_action":{"type":"string","description_kind":"plain","optional":true},"forward_proxy_ocsp_disable":{"type":"number","description_kind":"plain","optional":true},"forward_proxy_require_sni_cert_matched":{"type":"string","description_kind":"plain","optional":true},"forward_proxy_selfsign_redir":{"type":"number","description_kind":"plain","optional":true},"forward_proxy_ssl_version":{"type":"number","description_kind":"plain","optional":true},"forward_proxy_verify_cert_fail_action":{"type":"number","description_kind":"plain","optional":true},"fp_alt_cert":{"type":"string","description_kind":"plain","optional":true},"fp_alt_encrypted":{"type":"string","description_kind":"plain","optional":true},"fp_alt_key":{"type":"string","description_kind":"plain","optional":true},"fp_alt_passphrase":{"type":"string","description_kind":"plain","optional":true},"fp_alt_shared":{"type":"number","description_kind":"plain","optional":true},"fp_ca_key_shared":{"type":"number","description_kind":"plain","optional":true},"fp_ca_shared":{"type":"number","description_kind":"plain","optional":true},"fp_cert_ext_aia_ca_issuers":{"type":"string","description_kind":"plain","optional":true},"fp_cert_ext_aia_ocsp":{"type":"string","description_kind":"plain","optional":true},"fp_cert_ext_crldp":{"type":"string","description_kind":"plain","optional":true},"fp_cert_fetch_autonat":{"type":"string","description_kind":"plain","optional":true},"fp_cert_fetch_autonat_precedence":{"type":"number","description_kind":"plain","optional":true},"fp_cert_fetch_natpool_name":{"type":"string","description_kind":"plain","optional":true},"fp_cert_fetch_natpool_name_shared":{"type":"string","description_kind":"plain","optional":true},"fp_cert_fetch_natpool_precedence":{"type":"number","description_kind":"plain","optional":true},"handshake_logging_enable":{"type":"number","description_kind":"plain","optional":true},"hsm_type":{"type":"string","description_kind":"plain","optional":true},"id":{"type":"string","description_kind":"plain","optional":true,"computed":true},"inspect_certificate_issuer_cl_name":{"type":"string","description_kind":"plain","optional":true},"inspect_certificate_san_cl_name":{"type":"string","description_kind":"plain","optional":true},"inspect_certificate_subject_cl_name":{"type":"string","description_kind":"plain","optional":true},"inspect_list_name":{"type":"string","description_kind":"plain","optional":true},"key":{"type":"string","description_kind":"plain","optional":true},"key_alt_encrypted":{"type":"string","description_kind":"plain","optional":true},"key_alt_partition_shared":{"type":"number","description_kind":"plain","optional":true},"key_alt_passphrase":{"type":"string","description_kind":"plain","optional":true},"key_alternate":{"type":"string","description_kind":"plain","optional":true},"key_encrypted":{"type":"string","description_kind":"plain","optional":true},"key_passphrase":{"type":"string","description_kind":"plain","optional":true},"key_shared_encrypted":{"type":"string","description_kind":"plain","optional":true},"key_shared_passphrase":{"type":"string","description_kind":"plain","optional":true},"key_shared_str":{"type":"string","description_kind":"plain","optional":true},"ldap_base_dn_from_cert":{"type":"number","description_kind":"plain","optional":true},"ldap_search_filter":{"type":"string","description_kind":"plain","optional":true},"local_logging":{"type":"number","description_kind":"plain","optional":true},"name":{"type":"string","description_kind":"plain","optional":true},"no_anti_replay":{"type":"number","description_kind":"plain","optional":true},"no_shared_cipher_action":{"type":"string","description_kind":"plain","optional":true},"non_ssl_bypass_l4session":{"type":"number","description_kind":"plain","optional":true},"non_ssl_bypass_service_group":{"type":"string","description_kind":"plain","optional":true},"notafter":{"type":"number","description_kind":"plain","optional":true},"notafterday":{"type":"number","description_kind":"plain","optional":true},"notaftermonth":{"type":"number","description_kind":"plain","optional":true},"notafteryear":{"type":"number","description_kind":"plain","optional":true},"notbefore":{"type":"number","description_kind":"plain","optional":true},"notbeforeday":{"type":"number","description_kind":"plain","optional":true},"notbeforemonth":{"type":"number","description_kind":"plain","optional":true},"notbeforeyear":{"type":"number","description_kind":"plain","optional":true},"ocsp_stapling":{"type":"number","description_kind":"plain","optional":true},"ocspst_ca_cert":{"type":"string","description_kind":"plain","optional":true},"ocspst_ocsp":{"type":"number","description_kind":"plain","optional":true},"ocspst_sg":{"type":"string","description_kind":"plain","optional":true},"ocspst_sg_days":{"type":"number","description_kind":"plain","optional":true},"ocspst_sg_hours":{"type":"number","description_kind":"plain","optional":true},"ocspst_sg_minutes":{"type":"number","description_kind":"plain","optional":true},"ocspst_sg_timeout":{"type":"number","description_kind":"plain","optional":true},"ocspst_srvr":{"type":"string","description_kind":"plain","optional":true},"ocspst_srvr_days":{"type":"number","description_kind":"plain","optional":true},"ocspst_srvr_hours":{"type":"number","description_kind":"plain","optional":true},"ocspst_srvr_minutes":{"type":"number","description_kind":"plain","optional":true},"ocspst_srvr_timeout":{"type":"number","description_kind":"plain","optional":true},"renegotiation_disable":{"type":"number","description_kind":"plain","optional":true},"require_web_category":{"type":"number","description_kind":"plain","optional":true},"server_name_auto_map":{"type":"number","description_kind":"plain","optional":true},"session_cache_size":{"type":"number","description_kind":"plain","optional":true},"session_cache_timeout":{"type":"number","description_kind":"plain","optional":true},"session_ticket_disable":{"type":"number","description_kind":"plain","optional":true},"session_ticket_lifetime":{"type":"number","description_kind":"plain","optional":true},"shared_partition_cipher_template":{"type":"number","description_kind":"plain","optional":true},"shared_partition_pool":{"type":"number","description_kind":"plain","optional":true},"sni_enable_log":{"type":"number","description_kind":"plain","optional":true},"ssl_false_start_disable":{"type":"number","description_kind":"plain","optional":true},"ssli_logging":{"type":"number","description_kind":"plain","optional":true},"sslilogging":{"type":"string","description_kind":"plain","optional":true},"sslv2_bypass_service_group":{"type":"string","description_kind":"plain","optional":true},"template_cipher":{"type":"string","description_kind":"plain","optional":true},"template_cipher_shared":{"type":"string","description_kind":"plain","optional":true},"template_hsm":{"type":"string","description_kind":"plain","optional":true},"user_name_list":{"type":"string","description_kind":"plain","optional":true},"user_tag":{"type":"string","description_kind":"plain","optional":true},"uuid":{"type":"string","description_kind":"plain","optional":true},"verify_cert_fail_action":{"type":"string","description_kind":"plain","optional":true},"version":{"type":"number","description_kind":"plain","optional":true}},"block_types":{"bypass_cert_issuer_multi_class_list":{"nesting_mode":"list","block":{"attributes":{"bypass_cert_issuer_multi_class_list_name":{"type":"string","description_kind":"plain","optional":true}},"description_kind":"plain"}},"bypass_cert_san_multi_class_list":{"nesting_mode":"list","block":{"attributes":{"bypass_cert_san_multi_class_list_name":{"type":"string","description_kind":"plain","optional":true}},"description_kind":"plain"}},"bypass_cert_subject_multi_class_list":{"nesting_mode":"list","block":{"attributes":{"bypass_cert_subject_multi_class_list_name":{"type":"string","description_kind":"plain","optional":true}},"description_kind":"plain"}},"ca_certs":{"nesting_mode":"list","block":{"attributes":{"ca_cert":{"type":"string","description_kind":"plain","optional":true},"ca_shared":{"type":"number","description_kind":"plain","optional":true},"client_ocsp":{"type":"number","description_kind":"plain","optional":true},"client_ocsp_sg":{"type":"string","description_kind":"plain","optional":true},"client_ocsp_srvr":{"type":"string","description_kind":"plain","optional":true}},"description_kind":"plain"}},"certificate_issuer_contains_list":{"nesting_mode":"list","block":{"attributes":{"certificate_issuer_contains":{"type":"string","description_kind":"plain","optional":true}},"description_kind":"plain"}},"certificate_issuer_ends_with_list":{"nesting_mode":"list","block":{"attributes":{"certificate_issuer_ends_with":{"type":"string","description_kind":"plain","optional":true}},"description_kind":"plain"}},"certificate_issuer_equals_list":{"nesting_mode":"list","block":{"attributes":{"certificate_issuer_equals":{"type":"string","description_kind":"plain","optional":true}},"description_kind":"plain"}},"certificate_issuer_starts_with_list":{"nesting_mode":"list","block":{"attributes":{"certificate_issuer_starts":{"type":"string","description_kind":"plain","optional":true}},"description_kind":"plain"}},"certificate_list":{"nesting_mode":"list","block":{"attributes":{"cert":{"type":"string","description_kind":"plain","optional":true},"chain_cert":{"type":"string","description_kind":"plain","optional":true},"key":{"type":"string","description_kind":"plain","optional":true},"key_encrypted":{"type":"string","description_kind":"plain","optional":true},"passphrase":{"type":"string","description_kind":"plain","optional":true},"shared":{"type":"number","description_kind":"plain","optional":true},"uuid":{"type":"string","description_kind":"plain","optional":true}},"description_kind":"plain"}},"certificate_san_contains_list":{"nesting_mode":"list","block":{"attributes":{"certificate_san_contains":{"type":"string","description_kind":"plain","optional":true}},"description_kind":"plain"}},"certificate_san_ends_with_list":{"nesting_mode":"list","block":{"attributes":{"certificate_san_ends_with":{"type":"string","description_kind":"plain","optional":true}},"description_kind":"plain"}},"certificate_san_equals_list":{"nesting_mode":"list","block":{"attributes":{"certificate_san_equals":{"type":"string","description_kind":"plain","optional":true}},"description_kind":"plain"}},"certificate_san_starts_with_list":{"nesting_mode":"list","block":{"attributes":{"certificate_san_starts":{"type":"string","description_kind":"plain","optional":true}},"description_kind":"plain"}},"certificate_subject_contains_list":{"nesting_mode":"list","block":{"attributes":{"certificate_subject_contains":{"type":"string","description_kind":"plain","optional":true}},"description_kind":"plain"}},"certificate_subject_ends_with_list":{"nesting_mode":"list","block":{"attributes":{"certificate_subject_ends_with":{"type":"string","description_kind":"plain","optional":true}},"description_kind":"plain"}},"certificate_subject_equals_list":{"nesting_mode":"list","block":{"attributes":{"certificate_subject_equals":{"type":"string","description_kind":"plain","optional":true}},"description_kind":"plain"}},"certificate_subject_starts_with_list":{"nesting_mode":"list","block":{"attributes":{"certificate_subject_starts":{"type":"string","description_kind":"plain","optional":true}},"description_kind":"plain"}},"cipher_without_prio_list":{"nesting_mode":"list","block":{"attributes":{"cipher_wo_prio":{"type":"string","description_kind":"plain","optional":true}},"description_kind":"plain"}},"client_auth_contains_list":{"nesting_mode":"list","block":{"attributes":{"client_auth_contains":{"type":"string","description_kind":"plain","optional":true}},"description_kind":"plain"}},"client_auth_ends_with_list":{"nesting_mode":"list","block":{"attributes":{"client_auth_ends_with":{"type":"string","description_kind":"plain","optional":true}},"description_kind":"plain"}},"client_auth_equals_list":{"nesting_mode":"list","block":{"attributes":{"client_auth_equals":{"type":"string","description_kind":"plain","optional":true}},"description_kind":"plain"}},"client_auth_starts_with_list":{"nesting_mode":"list","block":{"attributes":{"client_auth_starts_with":{"type":"string","description_kind":"plain","optional":true}},"description_kind":"plain"}},"contains_list":{"nesting_mode":"list","block":{"attributes":{"contains":{"type":"string","description_kind":"plain","optional":true}},"description_kind":"plain"}},"crl_certs":{"nesting_mode":"list","block":{"attributes":{"crl":{"type":"string","description_kind":"plain","optional":true},"crl_shared":{"type":"number","description_kind":"plain","optional":true}},"description_kind":"plain"}},"ec_list":{"nesting_mode":"list","block":{"attributes":{"ec":{"type":"string","description_kind":"plain","optional":true}},"description_kind":"plain"}},"ends_with_list":{"nesting_mode":"list","block":{"attributes":{"ends_with":{"type":"string","description_kind":"plain","optional":true}},"description_kind":"plain"}},"equals_list":{"nesting_mode":"list","block":{"attributes":{"equals":{"type":"string","description_kind":"plain","optional":true}},"description_kind":"plain"}},"exception_web_category":{"nesting_mode":"list","block":{"attributes":{"exception_abortion":{"type":"number","description_kind":"plain","optional":true},"exception_adult_and_pornography":{"type":"number","description_kind":"plain","optional":true},"exception_alcohol_and_tobacco":{"type":"number","description_kind":"plain","optional":true},"exception_auctions":{"type":"number","description_kind":"plain","optional":true},"exception_bot_nets":{"type":"number","description_kind":"plain","optional":true},"exception_business_and_economy":{"type":"number","description_kind":"plain","optional":true},"exception_cdns":{"type":"number","description_kind":"plain","optional":true},"exception_cheating":{"type":"number","description_kind":"plain","optional":true},"exception_computer_and_internet_info":{"type":"number","description_kind":"plain","optional":true},"exception_computer_and_internet_security":{"type":"number","description_kind":"plain","optional":true},"exception_confirmed_spam_sources":{"type":"number","description_kind":"plain","optional":true},"exception_cult_and_occult":{"type":"number","description_kind":"plain","optional":true},"exception_dating":{"type":"number","description_kind":"plain","optional":true},"exception_dead_sites":{"type":"number","description_kind":"plain","optional":true},"exception_drugs":{"type":"number","description_kind":"plain","optional":true},"exception_dynamic_comment":{"type":"number","description_kind":"plain","optional":true},"exception_educational_institutions":{"type":"number","description_kind":"plain","optional":true},"exception_entertainment_and_arts":{"type":"number","description_kind":"plain","optional":true},"exception_fashion_and_beauty":{"type":"number","description_kind":"plain","optional":true},"exception_financial_services":{"type":"number","description_kind":"plain","optional":true},"exception_food_and_dining":{"type":"number","description_kind":"plain","optional":true},"exception_gambling":{"type":"number","description_kind":"plain","optional":true},"exception_games":{"type":"number","description_kind":"plain","optional":true},"exception_government":{"type":"number","description_kind":"plain","optional":true},"exception_gross":{"type":"number","description_kind":"plain","optional":true},"exception_hacking":{"type":"number","description_kind":"plain","optional":true},"exception_hate_and_racism":{"type":"number","description_kind":"plain","optional":true},"exception_health_and_medicine":{"type":"number","description_kind":"plain","optional":true},"exception_home_and_garden":{"type":"number","description_kind":"plain","optional":true},"exception_hunting_and_fishing":{"type":"number","description_kind":"plain","optional":true},"exception_illegal":{"type":"number","description_kind":"plain","optional":true},"exception_image_and_video_search":{"type":"number","description_kind":"plain","optional":true},"exception_internet_communications":{"type":"number","description_kind":"plain","optional":true},"exception_internet_portals":{"type":"number","description_kind":"plain","optional":true},"exception_job_search":{"type":"number","description_kind":"plain","optional":true},"exception_keyloggers_and_monitoring":{"type":"number","description_kind":"plain","optional":true},"exception_kids":{"type":"number","description_kind":"plain","optional":true},"exception_legal":{"type":"number","description_kind":"plain","optional":true},"exception_local_information":{"type":"number","description_kind":"plain","optional":true},"exception_malware_sites":{"type":"number","description_kind":"plain","optional":true},"exception_marijuana":{"type":"number","description_kind":"plain","optional":true},"exception_military":{"type":"number","description_kind":"plain","optional":true},"exception_motor_vehicles":{"type":"number","description_kind":"plain","optional":true},"exception_music":{"type":"number","description_kind":"plain","optional":true},"exception_news_and_media":{"type":"number","description_kind":"plain","optional":true},"exception_nudity":{"type":"number","description_kind":"plain","optional":true},"exception_online_greeting_cards":{"type":"number","description_kind":"plain","optional":true},"exception_open_http_proxies":{"type":"number","description_kind":"plain","optional":true},"exception_parked_domains":{"type":"number","description_kind":"plain","optional":true},"exception_pay_to_surf":{"type":"number","description_kind":"plain","optional":true},"exception_peer_to_peer":{"type":"number","description_kind":"plain","optional":true},"exception_personal_sites_and_blogs":{"type":"number","description_kind":"plain","optional":true},"exception_personal_storage":{"type":"number","description_kind":"plain","optional":true},"exception_philosophy_and_politics":{"type":"number","description_kind":"plain","optional":true},"exception_phishing_and_other_fraud":{"type":"number","description_kind":"plain","optional":true},"exception_private_ip_addresses":{"type":"number","description_kind":"plain","optional":true},"exception_proxy_avoid_and_anonymizers":{"type":"number","description_kind":"plain","optional":true},"exception_questionable":{"type":"number","description_kind":"plain","optional":true},"exception_real_estate":{"type":"number","description_kind":"plain","optional":true},"exception_recreation_and_hobbies":{"type":"number","description_kind":"plain","optional":true},"exception_reference_and_research":{"type":"number","description_kind":"plain","optional":true},"exception_religion":{"type":"number","description_kind":"plain","optional":true},"exception_search_engines":{"type":"number","description_kind":"plain","optional":true},"exception_sex_education":{"type":"number","description_kind":"plain","optional":true},"exception_shareware_and_freeware":{"type":"number","description_kind":"plain","optional":true},"exception_shopping":{"type":"number","description_kind":"plain","optional":true},"exception_social_network":{"type":"number","description_kind":"plain","optional":true},"exception_society":{"type":"number","description_kind":"plain","optional":true},"exception_spam_urls":{"type":"number","description_kind":"plain","optional":true},"exception_sports":{"type":"number","description_kind":"plain","optional":true},"exception_spyware_and_adware":{"type":"number","description_kind":"plain","optional":true},"exception_stock_advice_and_tools":{"type":"number","description_kind":"plain","optional":true},"exception_streaming_media":{"type":"number","description_kind":"plain","optional":true},"exception_swimsuits_and_intimate_apparel":{"type":"number","description_kind":"plain","optional":true},"exception_training_and_tools":{"type":"number","description_kind":"plain","optional":true},"exception_translation":{"type":"number","description_kind":"plain","optional":true},"exception_travel":{"type":"number","description_kind":"plain","optional":true},"exception_uncategorized":{"type":"number","description_kind":"plain","optional":true},"exception_unconfirmed_spam_sources":{"type":"number","description_kind":"plain","optional":true},"exception_violence":{"type":"number","description_kind":"plain","optional":true},"exception_weapons":{"type":"number","description_kind":"plain","optional":true},"exception_web_advertisements":{"type":"number","description_kind":"plain","optional":true},"exception_web_based_email":{"type":"number","description_kind":"plain","optional":true},"exception_web_hosting_sites":{"type":"number","description_kind":"plain","optional":true}},"description_kind":"plain"},"max_items":1},"exception_web_reputation":{"nesting_mode":"list","block":{"attributes":{"exception_low_risk":{"type":"number","description_kind":"plain","optional":true},"exception_malicious":{"type":"number","description_kind":"plain","optional":true},"exception_moderate_risk":{"type":"number","description_kind":"plain","optional":true},"exception_suspicious":{"type":"number","description_kind":"plain","optional":true},"exception_threshold":{"type":"number","description_kind":"plain","optional":true},"exception_trustworthy":{"type":"number","description_kind":"plain","optional":true}},"description_kind":"plain"},"max_items":1},"forward_proxy_trusted_ca_lists":{"nesting_mode":"list","block":{"attributes":{"forward_proxy_trusted_ca":{"type":"string","description_kind":"plain","optional":true},"fp_trusted_ca_shared":{"type":"number","description_kind":"plain","optional":true}},"description_kind":"plain"}},"multi_class_list":{"nesting_mode":"list","block":{"attributes":{"multi_clist_name":{"type":"string","description_kind":"plain","optional":true}},"description_kind":"plain"}},"req_ca_lists":{"nesting_mode":"list","block":{"attributes":{"client_cert_req_ca_shared":{"type":"number","description_kind":"plain","optional":true},"client_certificate_request_ca":{"type":"string","description_kind":"plain","optional":true}},"description_kind":"plain"}},"server_name_list":{"nesting_mode":"list","block":{"attributes":{"server_cert":{"type":"string","description_kind":"plain","optional":true},"server_cert_regex":{"type":"string","description_kind":"plain","optional":true},"server_chain":{"type":"string","description_kind":"plain","optional":true},"server_chain_regex":{"type":"string","description_kind":"plain","optional":true},"server_encrypted":{"type":"string","description_kind":"plain","optional":true},"server_encrypted_regex":{"type":"string","description_kind":"plain","optional":true},"server_key":{"type":"string","description_kind":"plain","optional":true},"server_key_regex":{"type":"string","description_kind":"plain","optional":true},"server_name":{"type":"string","description_kind":"plain","optional":true},"server_name_alternate":{"type":"number","description_kind":"plain","optional":true},"server_name_regex":{"type":"string","description_kind":"plain","optional":true},"server_name_regex_alternate":{"type":"number","description_kind":"plain","optional":true},"server_passphrase":{"type":"string","description_kind":"plain","optional":true},"server_passphrase_regex":{"type":"string","description_kind":"plain","optional":true},"server_shared":{"type":"number","description_kind":"plain","optional":true},"server_shared_regex":{"type":"number","description_kind":"plain","optional":true}},"description_kind":"plain"}},"starts_with_list":{"nesting_mode":"list","block":{"attributes":{"starts_with":{"type":"string","description_kind":"plain","optional":true}},"description_kind":"plain"}},"web_category":{"nesting_mode":"list","block":{"attributes":{"abortion":{"type":"number","description_kind":"plain","optional":true},"adult_and_pornography":{"type":"number","description_kind":"plain","optional":true},"alcohol_and_tobacco":{"type":"number","description_kind":"plain","optional":true},"auctions":{"type":"number","description_kind":"plain","optional":true},"bot_nets":{"type":"number","description_kind":"plain","optional":true},"business_and_economy":{"type":"number","description_kind":"plain","optional":true},"cdns":{"type":"number","description_kind":"plain","optional":true},"cheating":{"type":"number","description_kind":"plain","optional":true},"computer_and_internet_info":{"type":"number","description_kind":"plain","optional":true},"computer_and_internet_security":{"type":"number","description_kind":"plain","optional":true},"confirmed_spam_sources":{"type":"number","description_kind":"plain","optional":true},"cult_and_occult":{"type":"number","description_kind":"plain","optional":true},"dating":{"type":"number","description_kind":"plain","optional":true},"dead_sites":{"type":"number","description_kind":"plain","optional":true},"drugs":{"type":"number","description_kind":"plain","optional":true},"dynamic_comment":{"type":"number","description_kind":"plain","optional":true},"educational_institutions":{"type":"number","description_kind":"plain","optional":true},"entertainment_and_arts":{"type":"number","description_kind":"plain","optional":true},"fashion_and_beauty":{"type":"number","description_kind":"plain","optional":true},"financial_services":{"type":"number","description_kind":"plain","optional":true},"food_and_dining":{"type":"number","description_kind":"plain","optional":true},"gambling":{"type":"number","description_kind":"plain","optional":true},"games":{"type":"number","description_kind":"plain","optional":true},"government":{"type":"number","description_kind":"plain","optional":true},"gross":{"type":"number","description_kind":"plain","optional":true},"hacking":{"type":"number","description_kind":"plain","optional":true},"hate_and_racism":{"type":"number","description_kind":"plain","optional":true},"health_and_medicine":{"type":"number","description_kind":"plain","optional":true},"home_and_garden":{"type":"number","description_kind":"plain","optional":true},"hunting_and_fishing":{"type":"number","description_kind":"plain","optional":true},"illegal":{"type":"number","description_kind":"plain","optional":true},"image_and_video_search":{"type":"number","description_kind":"plain","optional":true},"internet_communications":{"type":"number","description_kind":"plain","optional":true},"internet_portals":{"type":"number","description_kind":"plain","optional":true},"job_search":{"type":"number","description_kind":"plain","optional":true},"keyloggers_and_monitoring":{"type":"number","description_kind":"plain","optional":true},"kids":{"type":"number","description_kind":"plain","optional":true},"legal":{"type":"number","description_kind":"plain","optional":true},"local_information":{"type":"number","description_kind":"plain","optional":true},"malware_sites":{"type":"number","description_kind":"plain","optional":true},"marijuana":{"type":"number","description_kind":"plain","optional":true},"military":{"type":"number","description_kind":"plain","optional":true},"motor_vehicles":{"type":"number","description_kind":"plain","optional":true},"music":{"type":"number","description_kind":"plain","optional":true},"news_and_media":{"type":"number","description_kind":"plain","optional":true},"nudity":{"type":"number","description_kind":"plain","optional":true},"online_greeting_cards":{"type":"number","description_kind":"plain","optional":true},"open_http_proxies":{"type":"number","description_kind":"plain","optional":true},"parked_domains":{"type":"number","description_kind":"plain","optional":true},"pay_to_surf":{"type":"number","description_kind":"plain","optional":true},"peer_to_peer":{"type":"number","description_kind":"plain","optional":true},"personal_sites_and_blogs":{"type":"number","description_kind":"plain","optional":true},"personal_storage":{"type":"number","description_kind":"plain","optional":true},"philosophy_and_politics":{"type":"number","description_kind":"plain","optional":true},"phishing_and_other_fraud":{"type":"number","description_kind":"plain","optional":true},"private_ip_addresses":{"type":"number","description_kind":"plain","optional":true},"proxy_avoid_and_anonymizers":{"type":"number","description_kind":"plain","optional":true},"questionable":{"type":"number","description_kind":"plain","optional":true},"real_estate":{"type":"number","description_kind":"plain","optional":true},"recreation_and_hobbies":{"type":"number","description_kind":"plain","optional":true},"reference_and_research":{"type":"number","description_kind":"plain","optional":true},"religion":{"type":"number","description_kind":"plain","optional":true},"search_engines":{"type":"number","description_kind":"plain","optional":true},"sex_education":{"type":"number","description_kind":"plain","optional":true},"shareware_and_freeware":{"type":"number","description_kind":"plain","optional":true},"shopping":{"type":"number","description_kind":"plain","optional":true},"social_network":{"type":"number","description_kind":"plain","optional":true},"society":{"type":"number","description_kind":"plain","optional":true},"spam_urls":{"type":"number","description_kind":"plain","optional":true},"sports":{"type":"number","description_kind":"plain","optional":true},"spyware_and_adware":{"type":"number","description_kind":"plain","optional":true},"stock_advice_and_tools":{"type":"number","description_kind":"plain","optional":true},"streaming_media":{"type":"number","description_kind":"plain","optional":true},"swimsuits_and_intimate_apparel":{"type":"number","description_kind":"plain","optional":true},"training_and_tools":{"type":"number","description_kind":"plain","optional":true},"translation":{"type":"number","description_kind":"plain","optional":true},"travel":{"type":"number","description_kind":"plain","optional":true},"uncategorized":{"type":"number","description_kind":"plain","optional":true},"unconfirmed_spam_sources":{"type":"number","description_kind":"plain","optional":true},"violence":{"type":"number","description_kind":"plain","optional":true},"weapons":{"type":"number","description_kind":"plain","optional":true},"web_advertisements":{"type":"number","description_kind":"plain","optional":true},"web_based_email":{"type":"number","description_kind":"plain","optional":true},"web_hosting_sites":{"type":"number","description_kind":"plain","optional":true}},"description_kind":"plain"},"max_items":1},"web_reputation":{"nesting_mode":"list","block":{"attributes":{"bypass_low_risk":{"type":"number","description_kind":"plain","optional":true},"bypass_malicious":{"type":"number","description_kind":"plain","optional":true},"bypass_moderate_risk":{"type":"number","description_kind":"plain","optional":true},"bypass_suspicious":{"type":"number","description_kind":"plain","optional":true},"bypass_threshold":{"type":"number","description_kind":"plain","optional":true},"bypass_trustworthy":{"type":"number","description_kind":"plain","optional":true}},"description_kind":"plain"},"max_items":1}},"description_kind":"plain"}},"thunder_slb_template_connection_reuse":{"version":0,"block":{"attributes":{"id":{"type":"string","description_kind":"plain","optional":true,"computed":true},"keep_alive_conn":{"type":"number","description_kind":"plain","optional":true},"limit_per_server":{"type":"number","description_kind":"plain","optional":true},"name":{"type":"string","description_kind":"plain","optional":true},"num_conn_per_port":{"type":"number","description_kind":"plain","optional":true},"preopen":{"type":"number","description_kind":"plain","optional":true},"timeout":{"type":"number","description_kind":"plain","optional":true},"user_tag":{"type":"string","description_kind":"plain","optional":true},"uuid":{"type":"string","description_kind":"plain","optional":true}},"description_kind":"plain"}},"thunder_slb_template_csv":{"version":0,"block":{"attributes":{"csv_name":{"type":"string","description_kind":"plain","optional":true},"delim_char":{"type":"string","description_kind":"plain","optional":true},"delim_num":{"type":"number","description_kind":"plain","optional":true},"id":{"type":"string","description_kind":"plain","optional":true,"computed":true},"ipv6_enable":{"type":"number","description_kind":"plain","optional":true},"user_tag":{"type":"string","description_kind":"plain","optional":true},"uuid":{"type":"string","description_kind":"plain","optional":true}},"block_types":{"multiple_fields":{"nesting_mode":"list","block":{"attributes":{"csv_type":{"type":"string","description_kind":"plain","optional":true},"field":{"type":"number","description_kind":"plain","optional":true}},"description_kind":"plain"}}},"description_kind":"plain"}},"thunder_slb_template_dblb":{"version":0,"block":{"attributes":{"class_list":{"type":"string","description_kind":"plain","optional":true},"id":{"type":"string","description_kind":"plain","optional":true,"computed":true},"name":{"type":"string","description_kind":"plain","optional":true},"server_version":{"type":"string","description_kind":"plain","optional":true},"user_tag":{"type":"string","description_kind":"plain","optional":true},"uuid":{"type":"string","description_kind":"plain","optional":true}},"block_types":{"calc_sha1":{"nesting_mode":"list","block":{"attributes":{"sha1_value":{"type":"string","description_kind":"plain","optional":true}},"description_kind":"plain"},"max_items":1}},"description_kind":"plain"}},"thunder_slb_template_diameter":{"version":0,"block":{"attributes":{"avp_code":{"type":"number","description_kind":"plain","optional":true},"avp_string":{"type":"string","description_kind":"plain","optional":true},"customize_cea":{"type":"number","description_kind":"plain","optional":true},"dwr_time":{"type":"number","description_kind":"plain","optional":true},"dwr_up_retry":{"type":"number","description_kind":"plain","optional":true},"forward_to_latest_server":{"type":"number","description_kind":"plain","optional":true},"forward_unknown_session_id":{"type":"number","description_kind":"plain","optional":true},"id":{"type":"string","description_kind":"plain","optional":true,"computed":true},"idle_timeout":{"type":"number","description_kind":"plain","optional":true},"load_balance_on_session_id":{"type":"number","description_kind":"plain","optional":true},"multiple_origin_host":{"type":"number","description_kind":"plain","optional":true},"name":{"type":"string","description_kind":"plain","optional":true},"origin_realm":{"type":"string","description_kind":"plain","optional":true},"product_name":{"type":"string","description_kind":"plain","optional":true},"service_group_name":{"type":"string","description_kind":"plain","optional":true},"session_age":{"type":"number","description_kind":"plain","optional":true},"terminate_on_cca_t":{"type":"number","description_kind":"plain","optional":true},"user_tag":{"type":"string","description_kind":"plain","optional":true},"uuid":{"type":"string","description_kind":"plain","optional":true},"vendor_id":{"type":"number","description_kind":"plain","optional":true}},"block_types":{"avp_list":{"nesting_mode":"list","block":{"attributes":{"avp":{"type":"number","description_kind":"plain","optional":true},"int32":{"type":"number","description_kind":"plain","optional":true},"int64":{"type":"number","description_kind":"plain","optional":true},"mandatory":{"type":"number","description_kind":"plain","optional":true},"string":{"type":"string","description_kind":"plain","optional":true}},"description_kind":"plain"}},"message_code_list":{"nesting_mode":"list","block":{"attributes":{"message_code":{"type":"number","description_kind":"plain","optional":true}},"description_kind":"plain"}},"origin_host":{"nesting_mode":"list","block":{"attributes":{"origin_host_name":{"type":"string","description_kind":"plain","optional":true},"uuid":{"type":"string","description_kind":"plain","optional":true}},"description_kind":"plain"},"max_items":1}},"description_kind":"plain"}},"thunder_slb_template_dns":{"version":0,"block":{"attributes":{"add_padding_to_client":{"type":"string","description_kind":"plain","optional":true},"cache_record_serving_policy":{"type":"string","description_kind":"plain","optional":true},"default_policy":{"type":"string","description_kind":"plain","optional":true},"disable_dns_template":{"type":"number","description_kind":"plain","optional":true},"disable_rpz_attach_soa":{"type":"number","description_kind":"plain","optional":true},"dns_logging":{"type":"string","description_kind":"plain","optional":true},"dnssec_service_group":{"type":"string","description_kind":"plain","optional":true},"drop":{"type":"number","description_kind":"plain","optional":true},"enable_cache_sharing":{"type":"number","description_kind":"plain","optional":true},"forward":{"type":"string","description_kind":"plain","optional":true},"id":{"type":"string","description_kind":"plain","optional":true,"computed":true},"insert_ipv4":{"type":"number","description_kind":"plain","optional":true},"insert_ipv6":{"type":"number","description_kind":"plain","optional":true},"max_cache_entry_size":{"type":"number","description_kind":"plain","optional":true},"max_cache_size":{"type":"number","description_kind":"plain","optional":true},"max_query_length":{"type":"number","description_kind":"plain","optional":true},"name":{"type":"string","description_kind":"plain","optional":true},"period":{"type":"number","description_kind":"plain","optional":true},"query_id_switch":{"type":"number","description_kind":"plain","optional":true},"redirect_to_tcp_port":{"type":"number","description_kind":"plain","optional":true},"remove_aa_flag":{"type":"number","description_kind":"plain","optional":true},"remove_edns_csubnet_to_server":{"type":"number","description_kind":"plain","optional":true},"remove_padding_to_server":{"type":"number","description_kind":"plain","optional":true},"user_tag":{"type":"string","description_kind":"plain","optional":true},"uuid":{"type":"string","description_kind":"plain","optional":true}},"block_types":{"class_list":{"nesting_mode":"list","block":{"attributes":{"name":{"type":"string","description_kind":"plain","optional":true},"uuid":{"type":"string","description_kind":"plain","optional":true}},"block_types":{"lid_list":{"nesting_mode":"list","block":{"attributes":{"lid_action":{"type":"string","description_kind":"plain","optional":true},"lid_enable_log":{"type":"number","description_kind":"plain","optional":true},"lid_response_rate":{"type":"number","description_kind":"plain","optional":true},"lid_slip_rate":{"type":"number","description_kind":"plain","optional":true},"lid_window":{"type":"number","description_kind":"plain","optional":true},"lidnum":{"type":"number","description_kind":"plain","optional":true},"user_tag":{"type":"string","description_kind":"plain","optional":true},"uuid":{"type":"string","description_kind":"plain","optional":true}},"description_kind":"plain"}}},"description_kind":"plain"},"max_items":1},"dns64":{"nesting_mode":"list","block":{"attributes":{"cache":{"type":"number","description_kind":"plain","optional":true},"change_query":{"type":"number","description_kind":"plain","optional":true},"enable":{"type":"number","description_kind":"plain","optional":true},"parallel_query":{"type":"number","description_kind":"plain","optional":true},"retry":{"type":"number","description_kind":"plain","optional":true},"single_response_disable":{"type":"number","description_kind":"plain","optional":true},"timeout":{"type":"number","description_kind":"plain","optional":true},"uuid":{"type":"string","description_kind":"plain","optional":true}},"description_kind":"plain"},"max_items":1},"local_dns_resolution":{"nesting_mode":"list","block":{"attributes":{"uuid":{"type":"string","description_kind":"plain","optional":true}},"block_types":{"host_list_cfg":{"nesting_mode":"list","block":{"attributes":{"hostnames":{"type":"string","description_kind":"plain","optional":true}},"description_kind":"plain"}},"local_resolver_cfg":{"nesting_mode":"list","block":{"attributes":{"local_resolver":{"type":"string","description_kind":"plain","optional":true}},"description_kind":"plain"}}},"description_kind":"plain"},"max_items":1},"query_class_filter":{"nesting_mode":"list","block":{"attributes":{"query_class_action":{"type":"string","description_kind":"plain","optional":true},"uuid":{"type":"string","description_kind":"plain","optional":true}},"block_types":{"query_class":{"nesting_mode":"list","block":{"attributes":{"num_query_class":{"type":"number","description_kind":"plain","optional":true},"str_query_class":{"type":"string","description_kind":"plain","optional":true}},"description_kind":"plain"}}},"description_kind":"plain"},"max_items":1},"query_type_filter":{"nesting_mode":"list","block":{"attributes":{"query_type_action":{"type":"string","description_kind":"plain","optional":true},"uuid":{"type":"string","description_kind":"plain","optional":true}},"block_types":{"query_type":{"nesting_mode":"list","block":{"attributes":{"num_query_type":{"type":"number","description_kind":"plain","optional":true},"order":{"type":"string","description_kind":"plain","optional":true},"str_query_type":{"type":"string","description_kind":"plain","optional":true}},"description_kind":"plain"}}},"description_kind":"plain"},"max_items":1},"recursive_dns_resolution":{"nesting_mode":"list","block":{"attributes":{"csubnet_retry":{"type":"number","description_kind":"plain","optional":true},"default_recursive":{"type":"number","description_kind":"plain","optional":true},"ipv4_nat_pool":{"type":"string","description_kind":"plain","optional":true},"ipv6_nat_pool":{"type":"string","description_kind":"plain","optional":true},"max_trials":{"type":"number","description_kind":"plain","optional":true},"minimal_response":{"type":"number","description_kind":"plain","optional":true},"retries_per_level":{"type":"number","description_kind":"plain","optional":true},"uuid":{"type":"string","description_kind":"plain","optional":true}},"block_types":{"host_list_cfg":{"nesting_mode":"list","block":{"attributes":{"hostnames":{"type":"string","description_kind":"plain","optional":true}},"description_kind":"plain"}},"lookup_order":{"nesting_mode":"list","block":{"attributes":{"uuid":{"type":"string","description_kind":"plain","optional":true}},"block_types":{"query_type":{"nesting_mode":"list","block":{"attributes":{"num_query_type":{"type":"number","description_kind":"plain","optional":true},"order":{"type":"string","description_kind":"plain","optional":true},"str_query_type":{"type":"string","description_kind":"plain","optional":true}},"description_kind":"plain"}}},"description_kind":"plain"},"max_items":1}},"description_kind":"plain"},"max_items":1},"response_rate_limiting":{"nesting_mode":"list","block":{"attributes":{"action":{"type":"string","description_kind":"plain","optional":true},"enable_log":{"type":"number","description_kind":"plain","optional":true},"filter_response_rate":{"type":"number","description_kind":"plain","optional":true},"response_rate":{"type":"number","description_kind":"plain","optional":true},"slip_rate":{"type":"number","description_kind":"plain","optional":true},"uuid":{"type":"string","description_kind":"plain","optional":true},"window":{"type":"number","description_kind":"plain","optional":true}},"block_types":{"rrl_class_list_list":{"nesting_mode":"list","block":{"attributes":{"name":{"type":"string","description_kind":"plain","optional":true},"user_tag":{"type":"string","description_kind":"plain","optional":true},"uuid":{"type":"string","description_kind":"plain","optional":true}},"block_types":{"lid_list":{"nesting_mode":"list","block":{"attributes":{"lid_action":{"type":"string","description_kind":"plain","optional":true},"lid_enable_log":{"type":"number","description_kind":"plain","optional":true},"lid_response_rate":{"type":"number","description_kind":"plain","optional":true},"lid_slip_rate":{"type":"number","description_kind":"plain","optional":true},"lid_window":{"type":"number","description_kind":"plain","optional":true},"lidnum":{"type":"number","description_kind":"plain","optional":true},"user_tag":{"type":"string","description_kind":"plain","optional":true},"uuid":{"type":"string","description_kind":"plain","optional":true}},"description_kind":"plain"}}},"description_kind":"plain"}}},"description_kind":"plain"},"max_items":1},"rpz_list":{"nesting_mode":"list","block":{"attributes":{"name":{"type":"string","description_kind":"plain","optional":true},"seq_id":{"type":"number","description_kind":"plain","optional":true},"user_tag":{"type":"string","description_kind":"plain","optional":true},"uuid":{"type":"string","description_kind":"plain","optional":true}},"block_types":{"logging":{"nesting_mode":"list","block":{"attributes":{"enable":{"type":"number","description_kind":"plain","optional":true},"uuid":{"type":"string","description_kind":"plain","optional":true}},"block_types":{"rpz_action":{"nesting_mode":"list","block":{"attributes":{"str_rpz_action":{"type":"string","description_kind":"plain","optional":true}},"description_kind":"plain"}}},"description_kind":"plain"},"max_items":1}},"description_kind":"plain"}},"udp_retransmit":{"nesting_mode":"list","block":{"attributes":{"max_trials":{"type":"number","description_kind":"plain","optional":true},"retry_interval":{"type":"number","description_kind":"plain","optional":true},"uuid":{"type":"string","description_kind":"plain","optional":true}},"description_kind":"plain"},"max_items":1}},"description_kind":"plain"}},"thunder_slb_template_dynamic_service":{"version":0,"block":{"attributes":{"id":{"type":"string","description_kind":"plain","optional":true,"computed":true},"name":{"type":"string","description_kind":"plain","optional":true},"user_tag":{"type":"string","description_kind":"plain","optional":true},"uuid":{"type":"string","description_kind":"plain","optional":true}},"block_types":{"dns_server":{"nesting_mode":"list","block":{"attributes":{"ipv4_dns_server":{"type":"string","description_kind":"plain","optional":true},"ipv6_dns_server":{"type":"string","description_kind":"plain","optional":true}},"description_kind":"plain"}}},"description_kind":"plain"}},"thunder_slb_template_external_service":{"version":0,"block":{"attributes":{"action":{"type":"string","description_kind":"plain","optional":true},"failure_action":{"type":"string","description_kind":"plain","optional":true},"id":{"type":"string","description_kind":"plain","optional":true,"computed":true},"name":{"type":"string","description_kind":"plain","optional":true},"service_group":{"type":"string","description_kind":"plain","optional":true},"shared_partition_persist_source_ip_template":{"type":"number","description_kind":"plain","optional":true},"shared_partition_tcp_proxy_template":{"type":"number","description_kind":"plain","optional":true},"source_ip":{"type":"string","description_kind":"plain","optional":true},"tcp_proxy":{"type":"string","description_kind":"plain","optional":true},"template_persist_source_ip_shared":{"type":"string","description_kind":"plain","optional":true},"template_tcp_proxy_shared":{"type":"string","description_kind":"plain","optional":true},"timeout":{"type":"number","description_kind":"plain","optional":true},"type":{"type":"string","description_kind":"plain","optional":true},"user_tag":{"type":"string","description_kind":"plain","optional":true},"uuid":{"type":"string","description_kind":"plain","optional":true}},"block_types":{"bypass_ip_cfg":{"nesting_mode":"list","block":{"attributes":{"bypass_ip":{"type":"string","description_kind":"plain","optional":true},"mask":{"type":"string","description_kind":"plain","optional":true}},"description_kind":"plain"}},"request_header_forward_list":{"nesting_mode":"list","block":{"attributes":{"request_header_forward":{"type":"string","description_kind":"plain","optional":true}},"description_kind":"plain"}}},"description_kind":"plain"}},"thunder_slb_template_fix":{"version":0,"block":{"attributes":{"id":{"type":"string","description_kind":"plain","optional":true,"computed":true},"insert_client_ip":{"type":"number","description_kind":"plain","optional":true},"logging":{"type":"string","description_kind":"plain","optional":true},"name":{"type":"string","description_kind":"plain","optional":true},"user_tag":{"type":"string","description_kind":"plain","optional":true},"uuid":{"type":"string","description_kind":"plain","optional":true}},"block_types":{"tag_switching":{"nesting_mode":"list","block":{"attributes":{"equals":{"type":"string","description_kind":"plain","optional":true},"service_group":{"type":"string","description_kind":"plain","optional":true},"switching_type":{"type":"string","description_kind":"plain","optional":true}},"description_kind":"plain"}}},"description_kind":"plain"}},"thunder_slb_template_ftp":{"version":0,"block":{"attributes":{"active_mode_port":{"type":"number","description_kind":"plain","optional":true},"active_mode_port_val":{"type":"number","description_kind":"plain","optional":true},"any":{"type":"number","description_kind":"plain","optional":true},"id":{"type":"string","description_kind":"plain","optional":true,"computed":true},"name":{"type":"string","description_kind":"plain","optional":true},"to":{"type":"number","description_kind":"plain","optional":true},"user_tag":{"type":"string","description_kind":"plain","optional":true},"uuid":{"type":"string","description_kind":"plain","optional":true}},"description_kind":"plain"}},"thunder_slb_template_http":{"version":0,"block":{"attributes":{"100_cont_wait_for_req_complete":{"type":"number","description_kind":"plain","optional":true},"bypass_sg":{"type":"string","description_kind":"plain","optional":true},"client_ip_hdr_replace":{"type":"number","description_kind":"plain","optional":true},"client_port_hdr_replace":{"type":"number","description_kind":"plain","optional":true},"compression_auto_disable_on_high_cpu":{"type":"number","description_kind":"plain","optional":true},"compression_enable":{"type":"number","description_kind":"plain","optional":true},"compression_keep_accept_encoding":{"type":"number","description_kind":"plain","optional":true},"compression_keep_accept_encoding_enable":{"type":"number","description_kind":"plain","optional":true},"compression_level":{"type":"number","description_kind":"plain","optional":true},"compression_minimum_content_length":{"type":"number","description_kind":"plain","optional":true},"cookie_format":{"type":"string","description_kind":"plain","optional":true},"cookie_samesite":{"type":"string","description_kind":"plain","optional":true},"default_charset":{"type":"string","description_kind":"plain","optional":true},"failover_url":{"type":"string","description_kind":"plain","optional":true},"frame_limit":{"type":"number","description_kind":"plain","optional":true},"id":{"type":"string","description_kind":"plain","optional":true,"computed":true},"insert_client_ip":{"type":"number","description_kind":"plain","optional":true},"insert_client_ip_header_name":{"type":"string","description_kind":"plain","optional":true},"insert_client_port":{"type":"number","description_kind":"plain","optional":true},"insert_client_port_header_name":{"type":"string","description_kind":"plain","optional":true},"keep_client_alive":{"type":"number","description_kind":"plain","optional":true},"log_retry":{"type":"number","description_kind":"plain","optional":true},"max_concurrent_streams":{"type":"number","description_kind":"plain","optional":true},"name":{"type":"string","description_kind":"plain","optional":true},"non_http_bypass":{"type":"number","description_kind":"plain","optional":true},"persist_on_401":{"type":"number","description_kind":"plain","optional":true},"prefix":{"type":"string","description_kind":"plain","optional":true},"rd_port":{"type":"number","description_kind":"plain","optional":true},"rd_resp_code":{"type":"string","description_kind":"plain","optional":true},"rd_secure":{"type":"number","description_kind":"plain","optional":true},"rd_simple_loc":{"type":"string","description_kind":"plain","optional":true},"redirect":{"type":"number","description_kind":"plain","optional":true},"req_hdr_wait_time":{"type":"number","description_kind":"plain","optional":true},"req_hdr_wait_time_val":{"type":"number","description_kind":"plain","optional":true},"request_line_case_insensitive":{"type":"number","description_kind":"plain","optional":true},"request_timeout":{"type":"number","description_kind":"plain","optional":true},"retry_on_5xx":{"type":"number","description_kind":"plain","optional":true},"retry_on_5xx_per_req":{"type":"number","description_kind":"plain","optional":true},"retry_on_5xx_per_req_val":{"type":"number","description_kind":"plain","optional":true},"retry_on_5xx_val":{"type":"number","description_kind":"plain","optional":true},"strict_transaction_switch":{"type":"number","description_kind":"plain","optional":true},"term_11client_hdr_conn_close":{"type":"number","description_kind":"plain","optional":true},"url_hash_first":{"type":"number","description_kind":"plain","optional":true},"url_hash_last":{"type":"number","description_kind":"plain","optional":true},"url_hash_offset":{"type":"number","description_kind":"plain","optional":true},"url_hash_persist":{"type":"number","description_kind":"plain","optional":true},"use_server_status":{"type":"number","description_kind":"plain","optional":true},"user_tag":{"type":"string","description_kind":"plain","optional":true},"uuid":{"type":"string","description_kind":"plain","optional":true}},"block_types":{"compression_content_type":{"nesting_mode":"list","block":{"attributes":{"content_type":{"type":"string","description_kind":"plain","optional":true}},"description_kind":"plain"}},"compression_exclude_content_type":{"nesting_mode":"list","block":{"attributes":{"exclude_content_type":{"type":"string","description_kind":"plain","optional":true}},"description_kind":"plain"}},"compression_exclude_uri":{"nesting_mode":"list","block":{"attributes":{"exclude_uri":{"type":"string","description_kind":"plain","optional":true}},"description_kind":"plain"}},"host_switching":{"nesting_mode":"list","block":{"attributes":{"host_match_string":{"type":"string","description_kind":"plain","optional":true},"host_service_group":{"type":"string","description_kind":"plain","optional":true},"host_switching_type":{"type":"string","description_kind":"plain","optional":true}},"description_kind":"plain"}},"redirect_rewrite":{"nesting_mode":"list","block":{"attributes":{"redirect_secure":{"type":"number","description_kind":"plain","optional":true},"redirect_secure_port":{"type":"number","description_kind":"plain","optional":true}},"block_types":{"match_list":{"nesting_mode":"list","block":{"attributes":{"redirect_match":{"type":"string","description_kind":"plain","optional":true},"rewrite_to":{"type":"string","description_kind":"plain","optional":true}},"description_kind":"plain"}}},"description_kind":"plain"},"max_items":1},"request_header_erase_list":{"nesting_mode":"list","block":{"attributes":{"request_header_erase":{"type":"string","description_kind":"plain","optional":true}},"description_kind":"plain"}},"request_header_insert_list":{"nesting_mode":"list","block":{"attributes":{"request_header_insert":{"type":"string","description_kind":"plain","optional":true},"request_header_insert_type":{"type":"string","description_kind":"plain","optional":true}},"description_kind":"plain"}},"response_content_replace_list":{"nesting_mode":"list","block":{"attributes":{"response_content_replace":{"type":"string","description_kind":"plain","optional":true},"response_new_string":{"type":"string","description_kind":"plain","optional":true}},"description_kind":"plain"}},"response_header_erase_list":{"nesting_mode":"list","block":{"attributes":{"response_header_erase":{"type":"string","description_kind":"plain","optional":true}},"description_kind":"plain"}},"response_header_insert_list":{"nesting_mode":"list","block":{"attributes":{"response_header_insert":{"type":"string","description_kind":"plain","optional":true},"response_header_insert_type":{"type":"string","description_kind":"plain","optional":true}},"description_kind":"plain"}},"template":{"nesting_mode":"list","block":{"attributes":{"logging":{"type":"string","description_kind":"plain","optional":true}},"description_kind":"plain"},"max_items":1},"url_switching":{"nesting_mode":"list","block":{"attributes":{"url_match_string":{"type":"string","description_kind":"plain","optional":true},"url_service_group":{"type":"string","description_kind":"plain","optional":true},"url_switching_type":{"type":"string","description_kind":"plain","optional":true}},"description_kind":"plain"}}},"description_kind":"plain"}},"thunder_slb_template_http_policy":{"version":0,"block":{"attributes":{"cookie_name":{"type":"string","description_kind":"plain","optional":true},"id":{"type":"string","description_kind":"plain","optional":true,"computed":true},"name":{"type":"string","description_kind":"plain","optional":true},"user_tag":{"type":"string","description_kind":"plain","optional":true},"uuid":{"type":"string","description_kind":"plain","optional":true}},"block_types":{"geo_location_match":{"nesting_mode":"list","block":{"attributes":{"geo_location":{"type":"string","description_kind":"plain","optional":true},"geo_location_service_group":{"type":"string","description_kind":"plain","optional":true},"geo_location_template":{"type":"string","description_kind":"plain","optional":true},"geo_location_template_name":{"type":"string","description_kind":"plain","optional":true}},"description_kind":"plain"}},"http_policy_match":{"nesting_mode":"list","block":{"attributes":{"match_string":{"type":"string","description_kind":"plain","optional":true},"match_type":{"type":"string","description_kind":"plain","optional":true},"service_group":{"type":"string","description_kind":"plain","optional":true},"template":{"type":"string","description_kind":"plain","optional":true},"template_name":{"type":"string","description_kind":"plain","optional":true},"type":{"type":"string","description_kind":"plain","optional":true}},"description_kind":"plain"}},"multi_match_rule_list":{"nesting_mode":"list","block":{"attributes":{"cookie_name_contains_string":{"type":"string","description_kind":"plain","optional":true},"cookie_name_contains_type":{"type":"string","description_kind":"plain","optional":true},"cookie_name_ends_with_string":{"type":"string","description_kind":"plain","optional":true},"cookie_name_ends_with_type":{"type":"string","description_kind":"plain","optional":true},"cookie_name_equals_string":{"type":"string","description_kind":"plain","optional":true},"cookie_name_equals_type":{"type":"string","description_kind":"plain","optional":true},"cookie_name_starts_with_string":{"type":"string","description_kind":"plain","optional":true},"cookie_name_starts_with_type":{"type":"string","description_kind":"plain","optional":true},"cookie_value_contains_string":{"type":"string","description_kind":"plain","optional":true},"cookie_value_contains_type":{"type":"string","description_kind":"plain","optional":true},"cookie_value_ends_with_string":{"type":"string","description_kind":"plain","optional":true},"cookie_value_ends_with_type":{"type":"string","description_kind":"plain","optional":true},"cookie_value_equals_string":{"type":"string","description_kind":"plain","optional":true},"cookie_value_equals_type":{"type":"string","description_kind":"plain","optional":true},"cookie_value_starts_with_string":{"type":"string","description_kind":"plain","optional":true},"cookie_value_starts_with_type":{"type":"string","description_kind":"plain","optional":true},"header_name_contains_string":{"type":"string","description_kind":"plain","optional":true},"header_name_contains_type":{"type":"string","description_kind":"plain","optional":true},"header_name_ends_with_string":{"type":"string","description_kind":"plain","optional":true},"header_name_ends_with_type":{"type":"string","description_kind":"plain","optional":true},"header_name_equals_string":{"type":"string","description_kind":"plain","optional":true},"header_name_equals_type":{"type":"string","description_kind":"plain","optional":true},"header_name_starts_with_string":{"type":"string","description_kind":"plain","optional":true},"header_name_starts_with_type":{"type":"string","description_kind":"plain","optional":true},"header_value_contains_string":{"type":"string","description_kind":"plain","optional":true},"header_value_contains_type":{"type":"string","description_kind":"plain","optional":true},"header_value_ends_with_string":{"type":"string","description_kind":"plain","optional":true},"header_value_ends_with_type":{"type":"string","description_kind":"plain","optional":true},"header_value_equals_string":{"type":"string","description_kind":"plain","optional":true},"header_value_equals_type":{"type":"string","description_kind":"plain","optional":true},"header_value_starts_with_string":{"type":"string","description_kind":"plain","optional":true},"header_value_starts_with_type":{"type":"string","description_kind":"plain","optional":true},"host_contains_string":{"type":"string","description_kind":"plain","optional":true},"host_contains_type":{"type":"string","description_kind":"plain","optional":true},"host_ends_with_string":{"type":"string","description_kind":"plain","optional":true},"host_ends_with_type":{"type":"string","description_kind":"plain","optional":true},"host_equals_string":{"type":"string","description_kind":"plain","optional":true},"host_equals_type":{"type":"string","description_kind":"plain","optional":true},"host_starts_with_string":{"type":"string","description_kind":"plain","optional":true},"host_starts_with_type":{"type":"string","description_kind":"plain","optional":true},"multi_match":{"type":"string","description_kind":"plain","optional":true},"query_param_name_contains_string":{"type":"string","description_kind":"plain","optional":true},"query_param_name_contains_type":{"type":"string","description_kind":"plain","optional":true},"query_param_name_ends_with_string":{"type":"string","description_kind":"plain","optional":true},"query_param_name_ends_with_type":{"type":"string","description_kind":"plain","optional":true},"query_param_name_equals_string":{"type":"string","description_kind":"plain","optional":true},"query_param_name_equals_type":{"type":"string","description_kind":"plain","optional":true},"query_param_name_starts_with_string":{"type":"string","description_kind":"plain","optional":true},"query_param_name_starts_with_type":{"type":"string","description_kind":"plain","optional":true},"query_param_value_contains_string":{"type":"string","description_kind":"plain","optional":true},"query_param_value_contains_type":{"type":"string","description_kind":"plain","optional":true},"query_param_value_ends_with_string":{"type":"string","description_kind":"plain","optional":true},"query_param_value_ends_with_type":{"type":"string","description_kind":"plain","optional":true},"query_param_value_equals_string":{"type":"string","description_kind":"plain","optional":true},"query_param_value_equals_type":{"type":"string","description_kind":"plain","optional":true},"query_param_value_starts_with_string":{"type":"string","description_kind":"plain","optional":true},"query_param_value_starts_with_type":{"type":"string","description_kind":"plain","optional":true},"seq_num":{"type":"number","description_kind":"plain","optional":true},"service_group":{"type":"string","description_kind":"plain","optional":true},"template_waf":{"type":"string","description_kind":"plain","optional":true},"url_contains_string":{"type":"string","description_kind":"plain","optional":true},"url_contains_type":{"type":"string","description_kind":"plain","optional":true},"url_ends_with_string":{"type":"string","description_kind":"plain","optional":true},"url_ends_with_type":{"type":"string","description_kind":"plain","optional":true},"url_equals_string":{"type":"string","description_kind":"plain","optional":true},"url_equals_type":{"type":"string","description_kind":"plain","optional":true},"url_starts_with_string":{"type":"string","description_kind":"plain","optional":true},"url_starts_with_type":{"type":"string","description_kind":"plain","optional":true},"user_tag":{"type":"string","description_kind":"plain","optional":true},"uuid":{"type":"string","description_kind":"plain","optional":true}},"description_kind":"plain"}}},"description_kind":"plain"}},"thunder_slb_template_imap_pop3":{"version":0,"block":{"attributes":{"id":{"type":"string","description_kind":"plain","optional":true,"computed":true},"logindisabled":{"type":"number","description_kind":"plain","optional":true},"name":{"type":"string","description_kind":"plain","optional":true},"starttls":{"type":"string","description_kind":"plain","optional":true},"user_tag":{"type":"string","description_kind":"plain","optional":true},"uuid":{"type":"string","description_kind":"plain","optional":true}},"description_kind":"plain"}},"thunder_slb_template_logging":{"version":0,"block":{"attributes":{"auto":{"type":"string","description_kind":"plain","optional":true},"format":{"type":"string","description_kind":"plain","optional":true},"id":{"type":"string","description_kind":"plain","optional":true,"computed":true},"keep_end":{"type":"number","description_kind":"plain","optional":true},"keep_start":{"type":"number","description_kind":"plain","optional":true},"local_logging":{"type":"number","description_kind":"plain","optional":true},"mask":{"type":"string","description_kind":"plain","optional":true},"name":{"type":"string","description_kind":"plain","optional":true},"pcre_mask":{"type":"string","description_kind":"plain","optional":true},"pool":{"type":"string","description_kind":"plain","optional":true},"pool_shared":{"type":"string","description_kind":"plain","optional":true},"service_group":{"type":"string","description_kind":"plain","optional":true},"shared_partition_pool":{"type":"number","description_kind":"plain","optional":true},"shared_partition_tcp_proxy_template":{"type":"number","description_kind":"plain","optional":true},"tcp_proxy":{"type":"string","description_kind":"plain","optional":true},"template_tcp_proxy_shared":{"type":"string","description_kind":"plain","optional":true},"user_tag":{"type":"string","description_kind":"plain","optional":true},"uuid":{"type":"string","description_kind":"plain","optional":true}},"description_kind":"plain"}},"thunder_slb_template_monitor":{"version":0,"block":{"attributes":{"id":{"type":"string","description_kind":"plain","optional":true,"computed":true},"id2":{"type":"number","description_kind":"plain","optional":true},"monitor_relation":{"type":"string","description_kind":"plain","optional":true},"user_tag":{"type":"string","description_kind":"plain","optional":true},"uuid":{"type":"string","description_kind":"plain","optional":true}},"block_types":{"clear_cfg":{"nesting_mode":"list","block":{"attributes":{"clear_all_sequence":{"type":"number","description_kind":"plain","optional":true},"clear_sequence":{"type":"number","description_kind":"plain","optional":true},"sessions":{"type":"string","description_kind":"plain","optional":true}},"description_kind":"plain"}},"link_disable_cfg":{"nesting_mode":"list","block":{"attributes":{"dis_sequence":{"type":"number","description_kind":"plain","optional":true},"diseth":{"type":"number","description_kind":"plain","optional":true}},"description_kind":"plain"}},"link_down_cfg":{"nesting_mode":"list","block":{"attributes":{"link_down_sequence1":{"type":"number","description_kind":"plain","optional":true},"link_down_sequence2":{"type":"number","description_kind":"plain","optional":true},"link_down_sequence3":{"type":"number","description_kind":"plain","optional":true},"linkdown_ethernet1":{"type":"number","description_kind":"plain","optional":true},"linkdown_ethernet2":{"type":"number","description_kind":"plain","optional":true},"linkdown_ethernet3":{"type":"number","description_kind":"plain","optional":true}},"description_kind":"plain"}},"link_enable_cfg":{"nesting_mode":"list","block":{"attributes":{"ena_sequence":{"type":"number","description_kind":"plain","optional":true},"enaeth":{"type":"number","description_kind":"plain","optional":true}},"description_kind":"plain"}},"link_up_cfg":{"nesting_mode":"list","block":{"attributes":{"link_up_sequence1":{"type":"number","description_kind":"plain","optional":true},"link_up_sequence2":{"type":"number","description_kind":"plain","optional":true},"link_up_sequence3":{"type":"number","description_kind":"plain","optional":true},"linkup_ethernet1":{"type":"number","description_kind":"plain","optional":true},"linkup_ethernet2":{"type":"number","description_kind":"plain","optional":true},"linkup_ethernet3":{"type":"number","description_kind":"plain","optional":true}},"description_kind":"plain"}}},"description_kind":"plain"}},"thunder_slb_template_mqtt":{"version":0,"block":{"attributes":{"clientid_hash_first":{"type":"number","description_kind":"plain","optional":true},"clientid_hash_last":{"type":"number","description_kind":"plain","optional":true},"clientid_hash_offset":{"type":"number","description_kind":"plain","optional":true},"clientid_hash_persist":{"type":"number","description_kind":"plain","optional":true},"id":{"type":"string","description_kind":"plain","optional":true,"computed":true},"name":{"type":"string","description_kind":"plain","optional":true},"user_tag":{"type":"string","description_kind":"plain","optional":true},"uuid":{"type":"string","description_kind":"plain","optional":true}},"description_kind":"plain"}},"thunder_slb_template_persist_cookie":{"version":0,"block":{"attributes":{"cookie_name":{"type":"string","description_kind":"plain","optional":true},"domain":{"type":"string","description_kind":"plain","optional":true},"dont_honor_conn_rules":{"type":"number","description_kind":"plain","optional":true},"encrypt_level":{"type":"number","description_kind":"plain","optional":true},"expire":{"type":"number","description_kind":"plain","optional":true},"httponly":{"type":"number","description_kind":"plain","optional":true},"id":{"type":"string","description_kind":"plain","optional":true,"computed":true},"insert_always":{"type":"number","description_kind":"plain","optional":true},"match_type":{"type":"number","description_kind":"plain","optional":true},"name":{"type":"string","description_kind":"plain","optional":true},"pass_phrase":{"type":"string","description_kind":"plain","optional":true},"pass_thru":{"type":"number","description_kind":"plain","optional":true},"path":{"type":"string","description_kind":"plain","optional":true},"prefix":{"type":"string","description_kind":"plain","optional":true},"samesite":{"type":"string","description_kind":"plain","optional":true},"scan_all_members":{"type":"number","description_kind":"plain","optional":true},"secure":{"type":"number","description_kind":"plain","optional":true},"server":{"type":"number","description_kind":"plain","optional":true},"server_service_group":{"type":"number","description_kind":"plain","optional":true},"service_group":{"type":"number","description_kind":"plain","optional":true},"user_tag":{"type":"string","description_kind":"plain","optional":true},"uuid":{"type":"string","description_kind":"plain","optional":true}},"description_kind":"plain"}},"thunder_slb_template_persist_source_ip":{"version":0,"block":{"attributes":{"dont_honor_conn_rules":{"type":"number","description_kind":"plain","optional":true},"enforce_higher_priority":{"type":"number","description_kind":"plain","optional":true},"hash_persist":{"type":"number","description_kind":"plain","optional":true},"id":{"type":"string","description_kind":"plain","optional":true,"computed":true},"incl_dst_ip":{"type":"number","description_kind":"plain","optional":true},"incl_sport":{"type":"number","description_kind":"plain","optional":true},"match_type":{"type":"number","description_kind":"plain","optional":true},"name":{"type":"string","description_kind":"plain","optional":true},"netmask":{"type":"string","description_kind":"plain","optional":true},"netmask6":{"type":"number","description_kind":"plain","optional":true},"primary_port":{"type":"number","description_kind":"plain","optional":true},"scan_all_members":{"type":"number","description_kind":"plain","optional":true},"server":{"type":"number","description_kind":"plain","optional":true},"service_group":{"type":"number","description_kind":"plain","optional":true},"timeout":{"type":"number","description_kind":"plain","optional":true},"user_tag":{"type":"string","description_kind":"plain","optional":true},"uuid":{"type":"string","description_kind":"plain","optional":true}},"description_kind":"plain"}},"thunder_slb_template_policy":{"version":0,"block":{"attributes":{"bw_list_name":{"type":"string","description_kind":"plain","optional":true},"full_domain_tree":{"type":"number","description_kind":"plain","optional":true},"id":{"type":"string","description_kind":"plain","optional":true,"computed":true},"interval":{"type":"number","description_kind":"plain","optional":true},"name":{"type":"string","description_kind":"plain","optional":true},"over_limit":{"type":"number","description_kind":"plain","optional":true},"over_limit_lockup":{"type":"number","description_kind":"plain","optional":true},"over_limit_logging":{"type":"number","description_kind":"plain","optional":true},"over_limit_reset":{"type":"number","description_kind":"plain","optional":true},"overlap":{"type":"number","description_kind":"plain","optional":true},"share":{"type":"number","description_kind":"plain","optional":true},"timeout":{"type":"number","description_kind":"plain","optional":true},"use_destination_ip":{"type":"number","description_kind":"plain","optional":true},"user_tag":{"type":"string","description_kind":"plain","optional":true},"uuid":{"type":"string","description_kind":"plain","optional":true}},"block_types":{"bw_list_id":{"nesting_mode":"list","block":{"attributes":{"action_interval":{"type":"number","description_kind":"plain","optional":true},"bw_list_action":{"type":"string","description_kind":"plain","optional":true},"fail":{"type":"number","description_kind":"plain","optional":true},"id":{"type":"number","description_kind":"plain","optional":true},"logging_drp_rst":{"type":"number","description_kind":"plain","optional":true},"pbslb_interval":{"type":"number","description_kind":"plain","optional":true},"pbslb_logging":{"type":"number","description_kind":"plain","optional":true},"service_group":{"type":"string","description_kind":"plain","optional":true}},"description_kind":"plain"}},"class_list":{"nesting_mode":"list","block":{"attributes":{"client_ip_l3_dest":{"type":"number","description_kind":"plain","optional":true},"client_ip_l7_header":{"type":"number","description_kind":"plain","optional":true},"header_name":{"type":"string","description_kind":"plain","optional":true},"name":{"type":"string","description_kind":"plain","optional":true},"uuid":{"type":"string","description_kind":"plain","optional":true}},"block_types":{"lid_list":{"nesting_mode":"list","block":{"attributes":{"action_value":{"type":"string","description_kind":"plain","optional":true},"bw_per":{"type":"number","description_kind":"plain","optional":true},"bw_rate_limit":{"type":"number","description_kind":"plain","optional":true},"conn_limit":{"type":"number","description_kind":"plain","optional":true},"conn_per":{"type":"number","description_kind":"plain","optional":true},"conn_rate_limit":{"type":"number","description_kind":"plain","optional":true},"direct_action":{"type":"number","description_kind":"plain","optional":true},"direct_action_interval":{"type":"number","description_kind":"plain","optional":true},"direct_action_value":{"type":"string","description_kind":"plain","optional":true},"direct_fail":{"type":"number","description_kind":"plain","optional":true},"direct_logging_drp_rst":{"type":"number","description_kind":"plain","optional":true},"direct_pbslb_interval":{"type":"number","description_kind":"plain","optional":true},"direct_pbslb_logging":{"type":"number","description_kind":"plain","optional":true},"direct_service_group":{"type":"string","description_kind":"plain","optional":true},"interval":{"type":"number","description_kind":"plain","optional":true},"lidnum":{"type":"number","description_kind":"plain","optional":true},"lockout":{"type":"number","description_kind":"plain","optional":true},"log":{"type":"number","description_kind":"plain","optional":true},"over_limit_action":{"type":"number","description_kind":"plain","optional":true},"request_limit":{"type":"number","description_kind":"plain","optional":true},"request_per":{"type":"number","description_kind":"plain","optional":true},"request_rate_limit":{"type":"number","description_kind":"plain","optional":true},"user_tag":{"type":"string","description_kind":"plain","optional":true},"uuid":{"type":"string","description_kind":"plain","optional":true}},"block_types":{"dns64":{"nesting_mode":"list","block":{"attributes":{"disable":{"type":"number","description_kind":"plain","optional":true},"exclusive_answer":{"type":"number","description_kind":"plain","optional":true},"prefix":{"type":"string","description_kind":"plain","optional":true}},"description_kind":"plain"},"max_items":1},"response_code_rate_limit":{"nesting_mode":"list","block":{"attributes":{"code_range_end":{"type":"number","description_kind":"plain","optional":true},"code_range_start":{"type":"number","description_kind":"plain","optional":true},"period":{"type":"number","description_kind":"plain","optional":true},"threshold":{"type":"number","description_kind":"plain","optional":true}},"description_kind":"plain"}}},"description_kind":"plain"}}},"description_kind":"plain"},"max_items":1},"forward_policy":{"nesting_mode":"list","block":{"attributes":{"acos_event_log":{"type":"number","description_kind":"plain","optional":true},"local_logging":{"type":"number","description_kind":"plain","optional":true},"no_client_conn_reuse":{"type":"number","description_kind":"plain","optional":true},"require_web_category":{"type":"number","description_kind":"plain","optional":true},"uuid":{"type":"string","description_kind":"plain","optional":true}},"block_types":{"action_list":{"nesting_mode":"list","block":{"attributes":{"action1":{"type":"string","description_kind":"plain","optional":true},"drop_message":{"type":"string","description_kind":"plain","optional":true},"drop_redirect_url":{"type":"string","description_kind":"plain","optional":true},"drop_response_code":{"type":"number","description_kind":"plain","optional":true},"fake_sg":{"type":"string","description_kind":"plain","optional":true},"fall_back":{"type":"string","description_kind":"plain","optional":true},"fall_back_snat":{"type":"string","description_kind":"plain","optional":true},"forward_snat":{"type":"string","description_kind":"plain","optional":true},"http_status_code":{"type":"string","description_kind":"plain","optional":true},"log":{"type":"number","description_kind":"plain","optional":true},"name":{"type":"string","description_kind":"plain","optional":true},"real_sg":{"type":"string","description_kind":"plain","optional":true},"user_tag":{"type":"string","description_kind":"plain","optional":true},"uuid":{"type":"string","description_kind":"plain","optional":true}},"block_types":{"sampling_enable":{"nesting_mode":"list","block":{"attributes":{"counters1":{"type":"string","description_kind":"plain","optional":true}},"description_kind":"plain"}}},"description_kind":"plain"}},"filtering":{"nesting_mode":"list","block":{"attributes":{"ssli_url_filtering":{"type":"string","description_kind":"plain","optional":true}},"description_kind":"plain"}},"san_filtering":{"nesting_mode":"list","block":{"attributes":{"ssli_url_filtering_san":{"type":"string","description_kind":"plain","optional":true}},"description_kind":"plain"}},"source_list":{"nesting_mode":"list","block":{"attributes":{"match_any":{"type":"number","description_kind":"plain","optional":true},"match_authorize_policy":{"type":"string","description_kind":"plain","optional":true},"match_class_list":{"type":"string","description_kind":"plain","optional":true},"name":{"type":"string","description_kind":"plain","optional":true},"priority":{"type":"number","description_kind":"plain","optional":true},"user_tag":{"type":"string","description_kind":"plain","optional":true},"uuid":{"type":"string","description_kind":"plain","optional":true}},"block_types":{"destination":{"nesting_mode":"list","block":{"block_types":{"any":{"nesting_mode":"list","block":{"attributes":{"action":{"type":"string","description_kind":"plain","optional":true},"uuid":{"type":"string","description_kind":"plain","optional":true}},"block_types":{"sampling_enable":{"nesting_mode":"list","block":{"attributes":{"counters1":{"type":"string","description_kind":"plain","optional":true}},"description_kind":"plain"}}},"description_kind":"plain"},"max_items":1},"class_list_list":{"nesting_mode":"list","block":{"attributes":{"action":{"type":"string","description_kind":"plain","optional":true},"dest_class_list":{"type":"string","description_kind":"plain","optional":true},"priority":{"type":"number","description_kind":"plain","optional":true},"type":{"type":"string","description_kind":"plain","optional":true},"uuid":{"type":"string","description_kind":"plain","optional":true}},"block_types":{"sampling_enable":{"nesting_mode":"list","block":{"attributes":{"counters1":{"type":"string","description_kind":"plain","optional":true}},"description_kind":"plain"}}},"description_kind":"plain"}},"web_category_list_list":{"nesting_mode":"list","block":{"attributes":{"action":{"type":"string","description_kind":"plain","optional":true},"priority":{"type":"number","description_kind":"plain","optional":true},"type":{"type":"string","description_kind":"plain","optional":true},"uuid":{"type":"string","description_kind":"plain","optional":true},"web_category_list":{"type":"string","description_kind":"plain","optional":true}},"block_types":{"sampling_enable":{"nesting_mode":"list","block":{"attributes":{"counters1":{"type":"string","description_kind":"plain","optional":true}},"description_kind":"plain"}}},"description_kind":"plain"}}},"description_kind":"plain"},"max_items":1},"sampling_enable":{"nesting_mode":"list","block":{"attributes":{"counters1":{"type":"string","description_kind":"plain","optional":true}},"description_kind":"plain"}}},"description_kind":"plain"}}},"description_kind":"plain"},"max_items":1},"sampling_enable":{"nesting_mode":"list","block":{"attributes":{"counters1":{"type":"string","description_kind":"plain","optional":true}},"description_kind":"plain"}}},"description_kind":"plain"}},"thunder_slb_template_port":{"version":0,"block":{"attributes":{"add":{"type":"number","description_kind":"plain","optional":true},"bw_rate_limit":{"type":"number","description_kind":"plain","optional":true},"bw_rate_limit_duration":{"type":"number","description_kind":"plain","optional":true},"bw_rate_limit_no_logging":{"type":"number","description_kind":"plain","optional":true},"bw_rate_limit_resume":{"type":"number","description_kind":"plain","optional":true},"conn_limit":{"type":"number","description_kind":"plain","optional":true},"conn_limit_no_logging":{"type":"number","description_kind":"plain","optional":true},"conn_rate_limit":{"type":"number","description_kind":"plain","optional":true},"conn_rate_limit_no_logging":{"type":"number","description_kind":"plain","optional":true},"dampening_flaps":{"type":"number","description_kind":"plain","optional":true},"decrement":{"type":"number","description_kind":"plain","optional":true},"del_session_on_server_down":{"type":"number","description_kind":"plain","optional":true},"dest_nat":{"type":"number","description_kind":"plain","optional":true},"down_grace_period":{"type":"number","description_kind":"plain","optional":true},"down_timer":{"type":"number","description_kind":"plain","optional":true},"dscp":{"type":"number","description_kind":"plain","optional":true},"dynamic_member_priority":{"type":"number","description_kind":"plain","optional":true},"every":{"type":"number","description_kind":"plain","optional":true},"extended_stats":{"type":"number","description_kind":"plain","optional":true},"flap_period":{"type":"number","description_kind":"plain","optional":true},"health_check":{"type":"string","description_kind":"plain","optional":true},"health_check_disable":{"type":"number","description_kind":"plain","optional":true},"id":{"type":"string","description_kind":"plain","optional":true,"computed":true},"inband_health_check":{"type":"number","description_kind":"plain","optional":true},"initial_slow_start":{"type":"number","description_kind":"plain","optional":true},"name":{"type":"string","description_kind":"plain","optional":true},"no_ssl":{"type":"number","description_kind":"plain","optional":true},"rate_interval":{"type":"string","description_kind":"plain","optional":true},"reassign":{"type":"number","description_kind":"plain","optional":true},"request_rate_interval":{"type":"string","description_kind":"plain","optional":true},"request_rate_limit":{"type":"number","description_kind":"plain","optional":true},"request_rate_no_logging":{"type":"number","description_kind":"plain","optional":true},"resel_on_reset":{"type":"number","description_kind":"plain","optional":true},"reset":{"type":"number","description_kind":"plain","optional":true},"restore_svc_time":{"type":"number","description_kind":"plain","optional":true},"resume":{"type":"number","description_kind":"plain","optional":true},"retry":{"type":"number","description_kind":"plain","optional":true},"shared_partition_pool":{"type":"number","description_kind":"plain","optional":true},"slow_start":{"type":"number","description_kind":"plain","optional":true},"source_nat":{"type":"string","description_kind":"plain","optional":true},"stats_data_action":{"type":"string","description_kind":"plain","optional":true},"sub_group":{"type":"number","description_kind":"plain","optional":true},"template_port_pool_shared":{"type":"string","description_kind":"plain","optional":true},"till":{"type":"number","description_kind":"plain","optional":true},"times":{"type":"number","description_kind":"plain","optional":true},"user_tag":{"type":"string","description_kind":"plain","optional":true},"uuid":{"type":"string","description_kind":"plain","optional":true},"weight":{"type":"number","description_kind":"plain","optional":true}},"description_kind":"plain"}},"thunder_slb_template_reqmod_icap":{"version":0,"block":{"attributes":{"action":{"type":"string","description_kind":"plain","optional":true},"allowed_http_methods":{"type":"string","description_kind":"plain","optional":true},"cylance":{"type":"number","description_kind":"plain","optional":true},"disable_http_server_reset":{"type":"number","description_kind":"plain","optional":true},"fail_close":{"type":"number","description_kind":"plain","optional":true},"id":{"type":"string","description_kind":"plain","optional":true,"computed":true},"include_protocol_in_uri":{"type":"number","description_kind":"plain","optional":true},"log_only_allowed_method":{"type":"number","description_kind":"plain","optional":true},"logging":{"type":"string","description_kind":"plain","optional":true},"min_payload_size":{"type":"number","description_kind":"plain","optional":true},"name":{"type":"string","description_kind":"plain","optional":true},"preview":{"type":"number","description_kind":"plain","optional":true},"server_ssl":{"type":"string","description_kind":"plain","optional":true},"service_group":{"type":"string","description_kind":"plain","optional":true},"service_url":{"type":"string","description_kind":"plain","optional":true},"shared_partition_persist_source_ip_template":{"type":"number","description_kind":"plain","optional":true},"shared_partition_tcp_proxy_template":{"type":"number","description_kind":"plain","optional":true},"source_ip":{"type":"string","description_kind":"plain","optional":true},"tcp_proxy":{"type":"string","description_kind":"plain","optional":true},"template_persist_source_ip_shared":{"type":"string","description_kind":"plain","optional":true},"template_tcp_proxy_shared":{"type":"string","description_kind":"plain","optional":true},"user_tag":{"type":"string","description_kind":"plain","optional":true},"uuid":{"type":"string","description_kind":"plain","optional":true}},"block_types":{"bypass_ip_cfg":{"nesting_mode":"list","block":{"attributes":{"bypass_ip":{"type":"string","description_kind":"plain","optional":true},"mask":{"type":"string","description_kind":"plain","optional":true}},"description_kind":"plain"}}},"description_kind":"plain"}},"thunder_slb_template_respmod_icap":{"version":0,"block":{"attributes":{"action":{"type":"string","description_kind":"plain","optional":true},"cylance":{"type":"number","description_kind":"plain","optional":true},"disable_http_server_reset":{"type":"number","description_kind":"plain","optional":true},"fail_close":{"type":"number","description_kind":"plain","optional":true},"id":{"type":"string","description_kind":"plain","optional":true,"computed":true},"include_protocol_in_uri":{"type":"number","description_kind":"plain","optional":true},"log_only_allowed_method":{"type":"number","description_kind":"plain","optional":true},"logging":{"type":"string","description_kind":"plain","optional":true},"min_payload_size":{"type":"number","description_kind":"plain","optional":true},"name":{"type":"string","description_kind":"plain","optional":true},"preview":{"type":"number","description_kind":"plain","optional":true},"server_ssl":{"type":"string","description_kind":"plain","optional":true},"service_group":{"type":"string","description_kind":"plain","optional":true},"service_url":{"type":"string","description_kind":"plain","optional":true},"shared_partition_persist_source_ip_template":{"type":"number","description_kind":"plain","optional":true},"shared_partition_tcp_proxy_template":{"type":"number","description_kind":"plain","optional":true},"source_ip":{"type":"string","description_kind":"plain","optional":true},"tcp_proxy":{"type":"string","description_kind":"plain","optional":true},"template_persist_source_ip_shared":{"type":"string","description_kind":"plain","optional":true},"template_tcp_proxy_shared":{"type":"string","description_kind":"plain","optional":true},"user_tag":{"type":"string","description_kind":"plain","optional":true},"uuid":{"type":"string","description_kind":"plain","optional":true}},"block_types":{"bypass_ip_cfg":{"nesting_mode":"list","block":{"attributes":{"bypass_ip":{"type":"string","description_kind":"plain","optional":true},"mask":{"type":"string","description_kind":"plain","optional":true}},"description_kind":"plain"}}},"description_kind":"plain"}},"thunder_slb_template_server":{"version":0,"block":{"attributes":{"add":{"type":"number","description_kind":"plain","optional":true},"bw_rate_limit":{"type":"number","description_kind":"plain","optional":true},"bw_rate_limit_acct":{"type":"string","description_kind":"plain","optional":true},"bw_rate_limit_duration":{"type":"number","description_kind":"plain","optional":true},"bw_rate_limit_no_logging":{"type":"number","description_kind":"plain","optional":true},"bw_rate_limit_resume":{"type":"number","description_kind":"plain","optional":true},"conn_limit":{"type":"number","description_kind":"plain","optional":true},"conn_limit_no_logging":{"type":"number","description_kind":"plain","optional":true},"conn_rate_limit":{"type":"number","description_kind":"plain","optional":true},"conn_rate_limit_no_logging":{"type":"number","description_kind":"plain","optional":true},"dns_fail_interval":{"type":"number","description_kind":"plain","optional":true},"dns_query_interval":{"type":"number","description_kind":"plain","optional":true},"dynamic_server_prefix":{"type":"string","description_kind":"plain","optional":true},"every":{"type":"number","description_kind":"plain","optional":true},"extended_stats":{"type":"number","description_kind":"plain","optional":true},"health_check":{"type":"string","description_kind":"plain","optional":true},"health_check_disable":{"type":"number","description_kind":"plain","optional":true},"id":{"type":"string","description_kind":"plain","optional":true,"computed":true},"initial_slow_start":{"type":"number","description_kind":"plain","optional":true},"log_selection_failure":{"type":"number","description_kind":"plain","optional":true},"max_dynamic_server":{"type":"number","description_kind":"plain","optional":true},"min_ttl_ratio":{"type":"number","description_kind":"plain","optional":true},"name":{"type":"string","description_kind":"plain","optional":true},"rate_interval":{"type":"string","description_kind":"plain","optional":true},"resume":{"type":"number","description_kind":"plain","optional":true},"slow_start":{"type":"number","description_kind":"plain","optional":true},"spoofing_cache":{"type":"number","description_kind":"plain","optional":true},"stats_data_action":{"type":"string","description_kind":"plain","optional":true},"till":{"type":"number","description_kind":"plain","optional":true},"times":{"type":"number","description_kind":"plain","optional":true},"user_tag":{"type":"string","description_kind":"plain","optional":true},"uuid":{"type":"string","description_kind":"plain","optional":true},"weight":{"type":"number","description_kind":"plain","optional":true}},"description_kind":"plain"}},"thunder_slb_template_server_ssh":{"version":0,"block":{"attributes":{"forward_proxy_enable":{"type":"number","description_kind":"plain","optional":true},"id":{"type":"string","description_kind":"plain","optional":true,"computed":true},"name":{"type":"string","description_kind":"plain","optional":true},"user_tag":{"type":"string","description_kind":"plain","optional":true},"uuid":{"type":"string","description_kind":"plain","optional":true}},"block_types":{"sampling_enable":{"nesting_mode":"list","block":{"attributes":{"counters1":{"type":"string","description_kind":"plain","optional":true}},"description_kind":"plain"}}},"description_kind":"plain"}},"thunder_slb_template_server_ssl":{"version":0,"block":{"attributes":{"alert_type":{"type":"string","description_kind":"plain","optional":true},"cert":{"type":"string","description_kind":"plain","optional":true},"cert_shared_str":{"type":"string","description_kind":"plain","optional":true},"cipher_template":{"type":"string","description_kind":"plain","optional":true},"close_notify":{"type":"number","description_kind":"plain","optional":true},"dgversion":{"type":"number","description_kind":"plain","optional":true},"dh_type":{"type":"string","description_kind":"plain","optional":true},"enable_tls_alert_logging":{"type":"number","description_kind":"plain","optional":true},"encrypted":{"type":"string","description_kind":"plain","optional":true},"forward_proxy_enable":{"type":"number","description_kind":"plain","optional":true},"handshake_logging_enable":{"type":"number","description_kind":"plain","optional":true},"id":{"type":"string","description_kind":"plain","optional":true,"computed":true},"key":{"type":"string","description_kind":"plain","optional":true},"key_shared_encrypted":{"type":"string","description_kind":"plain","optional":true},"key_shared_passphrase":{"type":"string","description_kind":"plain","optional":true},"key_shared_str":{"type":"string","description_kind":"plain","optional":true},"name":{"type":"string","description_kind":"plain","optional":true},"ocsp_stapling":{"type":"number","description_kind":"plain","optional":true},"passphrase":{"type":"string","description_kind":"plain","optional":true},"renegotiation_disable":{"type":"number","description_kind":"plain","optional":true},"session_cache_size":{"type":"number","description_kind":"plain","optional":true},"session_cache_timeout":{"type":"number","description_kind":"plain","optional":true},"session_ticket_enable":{"type":"number","description_kind":"plain","optional":true},"shared_partition_cipher_template":{"type":"number","description_kind":"plain","optional":true},"ssli_logging":{"type":"number","description_kind":"plain","optional":true},"sslilogging":{"type":"string","description_kind":"plain","optional":true},"template_cipher_shared":{"type":"string","description_kind":"plain","optional":true},"use_client_sni":{"type":"number","description_kind":"plain","optional":true},"user_tag":{"type":"string","description_kind":"plain","optional":true},"uuid":{"type":"string","description_kind":"plain","optional":true},"version":{"type":"number","description_kind":"plain","optional":true}},"block_types":{"ca_certs":{"nesting_mode":"list","block":{"attributes":{"ca_cert":{"type":"string","description_kind":"plain","optional":true},"ca_cert_partition_shared":{"type":"number","description_kind":"plain","optional":true},"server_ocsp_sg":{"type":"string","description_kind":"plain","optional":true},"server_ocsp_srvr":{"type":"string","description_kind":"plain","optional":true}},"description_kind":"plain"}},"cipher_without_prio_list":{"nesting_mode":"list","block":{"attributes":{"cipher_wo_prio":{"type":"string","description_kind":"plain","optional":true}},"description_kind":"plain"}},"crl_certs":{"nesting_mode":"list","block":{"attributes":{"crl":{"type":"string","description_kind":"plain","optional":true}},"description_kind":"plain"}},"ec_list":{"nesting_mode":"list","block":{"attributes":{"ec":{"type":"string","description_kind":"plain","optional":true}},"description_kind":"plain"}},"server_certificate_error":{"nesting_mode":"list","block":{"attributes":{"error_type":{"type":"string","description_kind":"plain","optional":true}},"description_kind":"plain"}}},"description_kind":"plain"}},"thunder_slb_template_sip":{"version":0,"block":{"attributes":{"acl_id":{"type":"number","description_kind":"plain","optional":true},"acl_name_value":{"type":"string","description_kind":"plain","optional":true},"alg_dest_nat":{"type":"number","description_kind":"plain","optional":true},"alg_source_nat":{"type":"number","description_kind":"plain","optional":true},"call_id_persist_disable":{"type":"number","description_kind":"plain","optional":true},"client_keep_alive":{"type":"number","description_kind":"plain","optional":true},"dialog_aware":{"type":"number","description_kind":"plain","optional":true},"drop_when_client_fail":{"type":"number","description_kind":"plain","optional":true},"drop_when_server_fail":{"type":"number","description_kind":"plain","optional":true},"failed_client_selection":{"type":"number","description_kind":"plain","optional":true},"failed_client_selection_message":{"type":"string","description_kind":"plain","optional":true},"failed_server_selection":{"type":"number","description_kind":"plain","optional":true},"failed_server_selection_message":{"type":"string","description_kind":"plain","optional":true},"id":{"type":"string","description_kind":"plain","optional":true,"computed":true},"insert_client_ip":{"type":"number","description_kind":"plain","optional":true},"interval":{"type":"number","description_kind":"plain","optional":true},"keep_server_ip_if_match_acl":{"type":"number","description_kind":"plain","optional":true},"name":{"type":"string","description_kind":"plain","optional":true},"pstn_gw":{"type":"string","description_kind":"plain","optional":true},"server_keep_alive":{"type":"number","description_kind":"plain","optional":true},"server_selection_per_request":{"type":"number","description_kind":"plain","optional":true},"service_group":{"type":"string","description_kind":"plain","optional":true},"smp_call_id_rtp_session":{"type":"number","description_kind":"plain","optional":true},"timeout":{"type":"number","description_kind":"plain","optional":true},"user_tag":{"type":"string","description_kind":"plain","optional":true},"uuid":{"type":"string","description_kind":"plain","optional":true}},"block_types":{"client_request_header":{"nesting_mode":"list","block":{"attributes":{"client_request_erase_all":{"type":"number","description_kind":"plain","optional":true},"client_request_header_erase":{"type":"string","description_kind":"plain","optional":true},"client_request_header_insert":{"type":"string","description_kind":"plain","optional":true},"insert_condition_client_request":{"type":"string","description_kind":"plain","optional":true}},"description_kind":"plain"}},"client_response_header":{"nesting_mode":"list","block":{"attributes":{"client_response_erase_all":{"type":"number","description_kind":"plain","optional":true},"client_response_header_erase":{"type":"string","description_kind":"plain","optional":true},"client_response_header_insert":{"type":"string","description_kind":"plain","optional":true},"insert_condition_client_response":{"type":"string","description_kind":"plain","optional":true}},"description_kind":"plain"}},"exclude_translation":{"nesting_mode":"list","block":{"attributes":{"header_string":{"type":"string","description_kind":"plain","optional":true},"translation_value":{"type":"string","description_kind":"plain","optional":true}},"description_kind":"plain"}},"server_request_header":{"nesting_mode":"list","block":{"attributes":{"insert_condition_server_request":{"type":"string","description_kind":"plain","optional":true},"server_request_erase_all":{"type":"number","description_kind":"plain","optional":true},"server_request_header_erase":{"type":"string","description_kind":"plain","optional":true},"server_request_header_insert":{"type":"string","description_kind":"plain","optional":true}},"description_kind":"plain"}},"server_response_header":{"nesting_mode":"list","block":{"attributes":{"insert_condition_server_response":{"type":"string","description_kind":"plain","optional":true},"server_response_erase_all":{"type":"number","description_kind":"plain","optional":true},"server_response_header_erase":{"type":"string","description_kind":"plain","optional":true},"server_response_header_insert":{"type":"string","description_kind":"plain","optional":true}},"description_kind":"plain"}}},"description_kind":"plain"}},"thunder_slb_template_smpp":{"version":0,"block":{"attributes":{"client_enquire_link":{"type":"number","description_kind":"plain","optional":true},"id":{"type":"string","description_kind":"plain","optional":true,"computed":true},"name":{"type":"string","description_kind":"plain","optional":true},"password":{"type":"string","description_kind":"plain","optional":true},"server_enquire_link":{"type":"number","description_kind":"plain","optional":true},"server_enquire_link_val":{"type":"number","description_kind":"plain","optional":true},"server_selection_per_request":{"type":"number","description_kind":"plain","optional":true},"user":{"type":"string","description_kind":"plain","optional":true},"user_tag":{"type":"string","description_kind":"plain","optional":true},"uuid":{"type":"string","description_kind":"plain","optional":true}},"description_kind":"plain"}},"thunder_slb_template_smtp":{"version":0,"block":{"attributes":{"client_starttls_type":{"type":"string","description_kind":"plain","optional":true},"error_code_to_client":{"type":"number","description_kind":"plain","optional":true},"id":{"type":"string","description_kind":"plain","optional":true,"computed":true},"lf_to_crlf":{"type":"number","description_kind":"plain","optional":true},"name":{"type":"string","description_kind":"plain","optional":true},"server_domain":{"type":"string","description_kind":"plain","optional":true},"server_starttls_type":{"type":"string","description_kind":"plain","optional":true},"service_ready_msg":{"type":"string","description_kind":"plain","optional":true},"user_tag":{"type":"string","description_kind":"plain","optional":true},"uuid":{"type":"string","description_kind":"plain","optional":true}},"block_types":{"client_domain_switching":{"nesting_mode":"list","block":{"attributes":{"match_string":{"type":"string","description_kind":"plain","optional":true},"service_group":{"type":"string","description_kind":"plain","optional":true},"switching_type":{"type":"string","description_kind":"plain","optional":true}},"description_kind":"plain"}},"command_disable":{"nesting_mode":"list","block":{"attributes":{"disable_type":{"type":"string","description_kind":"plain","optional":true}},"description_kind":"plain"}},"template":{"nesting_mode":"list","block":{"attributes":{"logging":{"type":"string","description_kind":"plain","optional":true}},"description_kind":"plain"},"max_items":1}},"description_kind":"plain"}},"thunder_slb_template_snmp":{"version":0,"block":{"attributes":{"auth_key":{"type":"string","description_kind":"plain","optional":true},"auth_proto":{"type":"string","description_kind":"plain","optional":true},"community":{"type":"string","description_kind":"plain","optional":true},"context_engine_id":{"type":"string","description_kind":"plain","optional":true},"context_name":{"type":"string","description_kind":"plain","optional":true},"host":{"type":"string","description_kind":"plain","optional":true},"id":{"type":"string","description_kind":"plain","optional":true,"computed":true},"interface":{"type":"number","description_kind":"plain","optional":true},"interval":{"type":"number","description_kind":"plain","optional":true},"oid":{"type":"string","description_kind":"plain","optional":true},"port":{"type":"number","description_kind":"plain","optional":true},"priv_key":{"type":"string","description_kind":"plain","optional":true},"priv_proto":{"type":"string","description_kind":"plain","optional":true},"security_engine_id":{"type":"string","description_kind":"plain","optional":true},"security_level":{"type":"string","description_kind":"plain","optional":true},"snmp_name":{"type":"string","description_kind":"plain","optional":true},"user_tag":{"type":"string","description_kind":"plain","optional":true},"username":{"type":"string","description_kind":"plain","optional":true},"uuid":{"type":"string","description_kind":"plain","optional":true},"version":{"type":"string","description_kind":"plain","optional":true}},"description_kind":"plain"}},"thunder_slb_template_ssli":{"version":0,"block":{"attributes":{"id":{"type":"string","description_kind":"plain","optional":true,"computed":true},"name":{"type":"string","description_kind":"plain","optional":true},"type":{"type":"string","description_kind":"plain","optional":true},"user_tag":{"type":"string","description_kind":"plain","optional":true},"uuid":{"type":"string","description_kind":"plain","optional":true}},"description_kind":"plain"}},"thunder_slb_template_tcp":{"version":0,"block":{"attributes":{"alive_if_active":{"type":"number","description_kind":"plain","optional":true},"del_session_on_server_down":{"type":"number","description_kind":"plain","optional":true},"disable":{"type":"number","description_kind":"plain","optional":true},"down":{"type":"number","description_kind":"plain","optional":true},"force_delete_timeout":{"type":"number","description_kind":"plain","optional":true},"force_delete_timeout_100ms":{"type":"number","description_kind":"plain","optional":true},"half_close_idle_timeout":{"type":"number","description_kind":"plain","optional":true},"half_open_idle_timeout":{"type":"number","description_kind":"plain","optional":true},"id":{"type":"string","description_kind":"plain","optional":true,"computed":true},"idle_timeout":{"type":"number","description_kind":"plain","optional":true},"initial_window_size":{"type":"number","description_kind":"plain","optional":true},"insert_client_ip":{"type":"number","description_kind":"plain","optional":true},"lan_fast_ack":{"type":"number","description_kind":"plain","optional":true},"logging":{"type":"string","description_kind":"plain","optional":true},"name":{"type":"string","description_kind":"plain","optional":true},"qos":{"type":"number","description_kind":"plain","optional":true},"re_select_if_server_down":{"type":"number","description_kind":"plain","optional":true},"reset_follow_fin":{"type":"number","description_kind":"plain","optional":true},"reset_fwd":{"type":"number","description_kind":"plain","optional":true},"reset_rev":{"type":"number","description_kind":"plain","optional":true},"user_tag":{"type":"string","description_kind":"plain","optional":true},"uuid":{"type":"string","description_kind":"plain","optional":true}},"description_kind":"plain"}},"thunder_slb_template_tcp_proxy":{"version":0,"block":{"attributes":{"ack_aggressiveness":{"type":"string","description_kind":"plain","optional":true},"alive_if_active":{"type":"number","description_kind":"plain","optional":true},"backend_wscale":{"type":"number","description_kind":"plain","optional":true},"del_session_on_server_down":{"type":"number","description_kind":"plain","optional":true},"disable":{"type":"number","description_kind":"plain","optional":true},"disable_abc":{"type":"number","description_kind":"plain","optional":true},"disable_sack":{"type":"number","description_kind":"plain","optional":true},"disable_tcp_timestamps":{"type":"number","description_kind":"plain","optional":true},"disable_window_scale":{"type":"number","description_kind":"plain","optional":true},"down":{"type":"number","description_kind":"plain","optional":true},"dynamic_buffer_allocation":{"type":"number","description_kind":"plain","optional":true},"early_retransmit":{"type":"number","description_kind":"plain","optional":true},"fin_timeout":{"type":"number","description_kind":"plain","optional":true},"force_delete_timeout":{"type":"number","description_kind":"plain","optional":true},"force_delete_timeout_100ms":{"type":"number","description_kind":"plain","optional":true},"half_close_idle_timeout":{"type":"number","description_kind":"plain","optional":true},"half_open_idle_timeout":{"type":"number","description_kind":"plain","optional":true},"id":{"type":"string","description_kind":"plain","optional":true,"computed":true},"idle_timeout":{"type":"number","description_kind":"plain","optional":true},"init_cwnd":{"type":"number","description_kind":"plain","optional":true},"initial_window_size":{"type":"number","description_kind":"plain","optional":true},"insert_client_ip":{"type":"number","description_kind":"plain","optional":true},"invalid_rate_limit":{"type":"number","description_kind":"plain","optional":true},"keepalive_interval":{"type":"number","description_kind":"plain","optional":true},"keepalive_probes":{"type":"number","description_kind":"plain","optional":true},"limited_slowstart":{"type":"number","description_kind":"plain","optional":true},"maxburst":{"type":"number","description_kind":"plain","optional":true},"min_rto":{"type":"number","description_kind":"plain","optional":true},"mss":{"type":"number","description_kind":"plain","optional":true},"nagle":{"type":"number","description_kind":"plain","optional":true},"name":{"type":"string","description_kind":"plain","optional":true},"psh_flag_optimization":{"type":"number","description_kind":"plain","optional":true},"qos":{"type":"number","description_kind":"plain","optional":true},"reassembly_limit":{"type":"number","description_kind":"plain","optional":true},"reassembly_timeout":{"type":"number","description_kind":"plain","optional":true},"receive_buffer":{"type":"number","description_kind":"plain","optional":true},"reno":{"type":"number","description_kind":"plain","optional":true},"reset_fwd":{"type":"number","description_kind":"plain","optional":true},"reset_rev":{"type":"number","description_kind":"plain","optional":true},"retransmit_retries":{"type":"number","description_kind":"plain","optional":true},"server_down_action":{"type":"string","description_kind":"plain","optional":true},"syn_retries":{"type":"number","description_kind":"plain","optional":true},"timewait":{"type":"number","description_kind":"plain","optional":true},"transmit_buffer":{"type":"number","description_kind":"plain","optional":true},"user_tag":{"type":"string","description_kind":"plain","optional":true},"uuid":{"type":"string","description_kind":"plain","optional":true}},"block_types":{"proxy_header":{"nesting_mode":"list","block":{"attributes":{"proxy_header_action":{"type":"string","description_kind":"plain","optional":true},"version":{"type":"string","description_kind":"plain","optional":true}},"description_kind":"plain"},"max_items":1}},"description_kind":"plain"}},"thunder_slb_template_udp":{"version":0,"block":{"attributes":{"age":{"type":"number","description_kind":"plain","optional":true},"avp":{"type":"string","description_kind":"plain","optional":true},"disable_clear_session":{"type":"number","description_kind":"plain","optional":true},"id":{"type":"string","description_kind":"plain","optional":true,"computed":true},"idle_timeout":{"type":"number","description_kind":"plain","optional":true},"immediate":{"type":"number","description_kind":"plain","optional":true},"name":{"type":"string","description_kind":"plain","optional":true},"qos":{"type":"number","description_kind":"plain","optional":true},"radius_lb_method_hash_type":{"type":"string","description_kind":"plain","optional":true},"re_select_if_server_down":{"type":"number","description_kind":"plain","optional":true},"short":{"type":"number","description_kind":"plain","optional":true},"stateless_conn_timeout":{"type":"number","description_kind":"plain","optional":true},"user_tag":{"type":"string","description_kind":"plain","optional":true},"uuid":{"type":"string","description_kind":"plain","optional":true}},"description_kind":"plain"}},"thunder_slb_template_virtual_port":{"version":0,"block":{"attributes":{"aflow":{"type":"number","description_kind":"plain","optional":true},"allow_syn_otherflags":{"type":"number","description_kind":"plain","optional":true},"allow_vip_to_rport_mapping":{"type":"number","description_kind":"plain","optional":true},"conn_limit":{"type":"number","description_kind":"plain","optional":true},"conn_limit_no_logging":{"type":"number","description_kind":"plain","optional":true},"conn_limit_reset":{"type":"number","description_kind":"plain","optional":true},"conn_rate_limit":{"type":"number","description_kind":"plain","optional":true},"conn_rate_limit_no_logging":{"type":"number","description_kind":"plain","optional":true},"conn_rate_limit_reset":{"type":"number","description_kind":"plain","optional":true},"drop_unknown_conn":{"type":"number","description_kind":"plain","optional":true},"dscp":{"type":"number","description_kind":"plain","optional":true},"id":{"type":"string","description_kind":"plain","optional":true,"computed":true},"ignore_tcp_msl":{"type":"number","description_kind":"plain","optional":true},"log_options":{"type":"string","description_kind":"plain","optional":true},"name":{"type":"string","description_kind":"plain","optional":true},"non_syn_initiation":{"type":"number","description_kind":"plain","optional":true},"pkt_rate_interval":{"type":"string","description_kind":"plain","optional":true},"pkt_rate_limit_reset":{"type":"number","description_kind":"plain","optional":true},"pkt_rate_type":{"type":"string","description_kind":"plain","optional":true},"rate":{"type":"number","description_kind":"plain","optional":true},"rate_interval":{"type":"string","description_kind":"plain","optional":true},"reset_l7_on_failover":{"type":"number","description_kind":"plain","optional":true},"reset_unknown_conn":{"type":"number","description_kind":"plain","optional":true},"snat_msl":{"type":"number","description_kind":"plain","optional":true},"snat_port_preserve":{"type":"number","description_kind":"plain","optional":true},"user_tag":{"type":"string","description_kind":"plain","optional":true},"uuid":{"type":"string","description_kind":"plain","optional":true},"when_rr_enable":{"type":"number","description_kind":"plain","optional":true}},"description_kind":"plain"}},"thunder_slb_template_virtual_server":{"version":0,"block":{"attributes":{"conn_limit":{"type":"number","description_kind":"plain","optional":true},"conn_limit_no_logging":{"type":"number","description_kind":"plain","optional":true},"conn_limit_reset":{"type":"number","description_kind":"plain","optional":true},"conn_rate_limit":{"type":"number","description_kind":"plain","optional":true},"conn_rate_limit_no_logging":{"type":"number","description_kind":"plain","optional":true},"conn_rate_limit_reset":{"type":"number","description_kind":"plain","optional":true},"disable_when_all_ports_down":{"type":"number","description_kind":"plain","optional":true},"disable_when_any_port_down":{"type":"number","description_kind":"plain","optional":true},"icmp_lockup":{"type":"number","description_kind":"plain","optional":true},"icmp_lockup_period":{"type":"number","description_kind":"plain","optional":true},"icmp_rate_limit":{"type":"number","description_kind":"plain","optional":true},"icmpv6_lockup":{"type":"number","description_kind":"plain","optional":true},"icmpv6_lockup_period":{"type":"number","description_kind":"plain","optional":true},"icmpv6_rate_limit":{"type":"number","description_kind":"plain","optional":true},"id":{"type":"string","description_kind":"plain","optional":true,"computed":true},"name":{"type":"string","description_kind":"plain","optional":true},"rate_interval":{"type":"string","description_kind":"plain","optional":true},"subnet_gratuitous_arp":{"type":"number","description_kind":"plain","optional":true},"tcp_stack_tfo_active_conn_limit":{"type":"number","description_kind":"plain","optional":true},"tcp_stack_tfo_backoff_time":{"type":"number","description_kind":"plain","optional":true},"tcp_stack_tfo_cookie_time_limit":{"type":"number","description_kind":"plain","optional":true},"user_tag":{"type":"string","description_kind":"plain","optional":true},"uuid":{"type":"string","description_kind":"plain","optional":true}},"description_kind":"plain"}},"thunder_slb_transparent_acl_template":{"version":0,"block":{"attributes":{"id":{"type":"string","description_kind":"plain","optional":true,"computed":true},"name":{"type":"string","description_kind":"plain","optional":true}},"description_kind":"plain"}},"thunder_slb_transparent_tcp_template":{"version":0,"block":{"attributes":{"id":{"type":"string","description_kind":"plain","optional":true,"computed":true},"name":{"type":"string","description_kind":"plain","optional":true}},"description_kind":"plain"}},"thunder_slb_virtual_server_port":{"version":0,"block":{"attributes":{"action":{"type":"string","description_kind":"plain","optional":true},"alt_protocol1":{"type":"string","description_kind":"plain","optional":true},"alt_protocol2":{"type":"string","description_kind":"plain","optional":true},"alternate_port":{"type":"number","description_kind":"plain","optional":true},"alternate_port_number":{"type":"number","description_kind":"plain","optional":true},"auto":{"type":"number","description_kind":"plain","optional":true},"clientip_sticky_nat":{"type":"number","description_kind":"plain","optional":true},"conn_limit":{"type":"number","description_kind":"plain","optional":true},"cpu_compute":{"type":"number","description_kind":"plain","optional":true},"def_selection_if_pref_failed":{"type":"string","description_kind":"plain","optional":true},"enable_playerid_check":{"type":"number","description_kind":"plain","optional":true},"eth_fwd":{"type":"number","description_kind":"plain","optional":true},"eth_rev":{"type":"number","description_kind":"plain","optional":true},"expand":{"type":"number","description_kind":"plain","optional":true},"extended_stats":{"type":"number","description_kind":"plain","optional":true},"force_routing_mode":{"type":"number","description_kind":"plain","optional":true},"gslb_enable":{"type":"number","description_kind":"plain","optional":true},"gtp_session_lb":{"type":"number","description_kind":"plain","optional":true},"ha_conn_mirror":{"type":"number","description_kind":"plain","optional":true},"id":{"type":"string","description_kind":"plain","optional":true,"computed":true},"ignore_global":{"type":"number","description_kind":"plain","optional":true},"ip_map_list":{"type":"string","description_kind":"plain","optional":true},"ipinip":{"type":"number","description_kind":"plain","optional":true},"l7_hardware_assist":{"type":"number","description_kind":"plain","optional":true},"memory_compute":{"type":"number","description_kind":"plain","optional":true},"message_switching":{"type":"number","description_kind":"plain","optional":true},"name":{"type":"string","description_kind":"plain","optional":true},"no_auto_up_on_aflex":{"type":"number","description_kind":"plain","optional":true},"no_dest_nat":{"type":"number","description_kind":"plain","optional":true},"no_logging":{"type":"number","description_kind":"plain","optional":true},"on_syn":{"type":"number","description_kind":"plain","optional":true},"optimization_level":{"type":"string","description_kind":"plain","optional":true},"p_template_sip_shared":{"type":"number","description_kind":"plain","optional":true},"persist_type":{"type":"string","description_kind":"plain","optional":true},"pool":{"type":"string","description_kind":"plain","optional":true},"pool_shared":{"type":"string","description_kind":"plain","optional":true},"port_number":{"type":"number","description_kind":"plain","optional":true},"port_translation":{"type":"number","description_kind":"plain","optional":true},"precedence":{"type":"number","description_kind":"plain","optional":true},"protocol":{"type":"string","description_kind":"plain","optional":true},"range":{"type":"number","description_kind":"plain","optional":true},"rate":{"type":"number","description_kind":"plain","optional":true},"redirect_to_https":{"type":"number","description_kind":"plain","optional":true},"req_fail":{"type":"number","description_kind":"plain","optional":true},"reset":{"type":"number","description_kind":"plain","optional":true},"reset_on_server_selection_fail":{"type":"number","description_kind":"plain","optional":true},"rtp_sip_call_id_match":{"type":"number","description_kind":"plain","optional":true},"scaleout_bucket_count":{"type":"number","description_kind":"plain","optional":true},"scaleout_device_group":{"type":"number","description_kind":"plain","optional":true},"secs":{"type":"number","description_kind":"plain","optional":true},"serv_sel_fail":{"type":"number","description_kind":"plain","optional":true},"service_group":{"type":"string","description_kind":"plain","optional":true},"shared_partition_cache_template":{"type":"number","description_kind":"plain","optional":true},"shared_partition_client_ssl_template":{"type":"number","description_kind":"plain","optional":true},"shared_partition_connection_reuse_template":{"type":"number","description_kind":"plain","optional":true},"shared_partition_dblb_template":{"type":"number","description_kind":"plain","optional":true},"shared_partition_diameter_template":{"type":"number","description_kind":"plain","optional":true},"shared_partition_dns_template":{"type":"number","description_kind":"plain","optional":true},"shared_partition_doh_template":{"type":"number","description_kind":"plain","optional":true},"shared_partition_dynamic_service_template":{"type":"number","description_kind":"plain","optional":true},"shared_partition_external_service_template":{"type":"number","description_kind":"plain","optional":true},"shared_partition_fix_template":{"type":"number","description_kind":"plain","optional":true},"shared_partition_http_policy_template":{"type":"number","description_kind":"plain","optional":true},"shared_partition_http_template":{"type":"number","description_kind":"plain","optional":true},"shared_partition_imap_pop3_template":{"type":"number","description_kind":"plain","optional":true},"shared_partition_persist_cookie_template":{"type":"number","description_kind":"plain","optional":true},"shared_partition_persist_destination_ip_template":{"type":"number","description_kind":"plain","optional":true},"shared_partition_persist_source_ip_template":{"type":"number","description_kind":"plain","optional":true},"shared_partition_persist_ssl_sid_template":{"type":"number","description_kind":"plain","optional":true},"shared_partition_policy_template":{"type":"number","description_kind":"plain","optional":true},"shared_partition_pool":{"type":"number","description_kind":"plain","optional":true},"shared_partition_server_ssl_template":{"type":"number","description_kind":"plain","optional":true},"shared_partition_smpp_template":{"type":"number","description_kind":"plain","optional":true},"shared_partition_smtp_template":{"type":"number","description_kind":"plain","optional":true},"shared_partition_tcp":{"type":"number","description_kind":"plain","optional":true},"shared_partition_tcp_proxy_template":{"type":"number","description_kind":"plain","optional":true},"shared_partition_udp":{"type":"number","description_kind":"plain","optional":true},"shared_partition_virtual_port_template":{"type":"number","description_kind":"plain","optional":true},"skip_rev_hash":{"type":"number","description_kind":"plain","optional":true},"snat_on_vip":{"type":"number","description_kind":"plain","optional":true},"stats_data_action":{"type":"string","description_kind":"plain","optional":true},"substitute_source_mac":{"type":"number","description_kind":"plain","optional":true},"support_http2":{"type":"number","description_kind":"plain","optional":true},"syn_cookie":{"type":"number","description_kind":"plain","optional":true},"template_cache":{"type":"string","description_kind":"plain","optional":true},"template_cache_shared":{"type":"string","description_kind":"plain","optional":true},"template_client_ssh":{"type":"string","description_kind":"plain","optional":true},"template_client_ssl":{"type":"string","description_kind":"plain","optional":true},"template_client_ssl_shared":{"type":"string","description_kind":"plain","optional":true},"template_connection_reuse":{"type":"string","description_kind":"plain","optional":true},"template_connection_reuse_shared":{"type":"string","description_kind":"plain","optional":true},"template_dblb":{"type":"string","description_kind":"plain","optional":true},"template_dblb_shared":{"type":"string","description_kind":"plain","optional":true},"template_diameter":{"type":"string","description_kind":"plain","optional":true},"template_diameter_shared":{"type":"string","description_kind":"plain","optional":true},"template_dns":{"type":"string","description_kind":"plain","optional":true},"template_dns_shared":{"type":"string","description_kind":"plain","optional":true},"template_doh":{"type":"string","description_kind":"plain","optional":true},"template_doh_shared":{"type":"string","description_kind":"plain","optional":true},"template_dynamic_service":{"type":"string","description_kind":"plain","optional":true},"template_dynamic_service_shared":{"type":"string","description_kind":"plain","optional":true},"template_external_service":{"type":"string","description_kind":"plain","optional":true},"template_external_service_shared":{"type":"string","description_kind":"plain","optional":true},"template_file_inspection":{"type":"string","description_kind":"plain","optional":true},"template_fix":{"type":"string","description_kind":"plain","optional":true},"template_fix_shared":{"type":"string","description_kind":"plain","optional":true},"template_ftp":{"type":"string","description_kind":"plain","optional":true},"template_http":{"type":"string","description_kind":"plain","optional":true},"template_http_policy":{"type":"string","description_kind":"plain","optional":true},"template_http_policy_shared":{"type":"string","description_kind":"plain","optional":true},"template_http_shared":{"type":"string","description_kind":"plain","optional":true},"template_imap_pop3":{"type":"string","description_kind":"plain","optional":true},"template_imap_pop3_shared":{"type":"string","description_kind":"plain","optional":true},"template_mqtt":{"type":"string","description_kind":"plain","optional":true},"template_persist_cookie":{"type":"string","description_kind":"plain","optional":true},"template_persist_cookie_shared":{"type":"string","description_kind":"plain","optional":true},"template_persist_destination_ip":{"type":"string","description_kind":"plain","optional":true},"template_persist_destination_ip_shared":{"type":"string","description_kind":"plain","optional":true},"template_persist_source_ip":{"type":"string","description_kind":"plain","optional":true},"template_persist_source_ip_shared":{"type":"string","description_kind":"plain","optional":true},"template_persist_ssl_sid":{"type":"string","description_kind":"plain","optional":true},"template_persist_ssl_sid_shared":{"type":"string","description_kind":"plain","optional":true},"template_policy":{"type":"string","description_kind":"plain","optional":true},"template_policy_shared":{"type":"string","description_kind":"plain","optional":true},"template_reqmod_icap":{"type":"string","description_kind":"plain","optional":true},"template_respmod_icap":{"type":"string","description_kind":"plain","optional":true},"template_scaleout":{"type":"string","description_kind":"plain","optional":true},"template_server_ssh":{"type":"string","description_kind":"plain","optional":true},"template_server_ssl":{"type":"string","description_kind":"plain","optional":true},"template_server_ssl_shared":{"type":"string","description_kind":"plain","optional":true},"template_sip":{"type":"string","description_kind":"plain","optional":true},"template_sip_shared":{"type":"string","description_kind":"plain","optional":true},"template_smpp":{"type":"string","description_kind":"plain","optional":true},"template_smpp_shared":{"type":"string","description_kind":"plain","optional":true},"template_smtp":{"type":"string","description_kind":"plain","optional":true},"template_smtp_shared":{"type":"string","description_kind":"plain","optional":true},"template_ssli":{"type":"string","description_kind":"plain","optional":true},"template_tcp":{"type":"string","description_kind":"plain","optional":true},"template_tcp_proxy":{"type":"string","description_kind":"plain","optional":true},"template_tcp_proxy_client":{"type":"string","description_kind":"plain","optional":true},"template_tcp_proxy_server":{"type":"string","description_kind":"plain","optional":true},"template_tcp_proxy_shared":{"type":"string","description_kind":"plain","optional":true},"template_tcp_shared":{"type":"string","description_kind":"plain","optional":true},"template_udp":{"type":"string","description_kind":"plain","optional":true},"template_udp_shared":{"type":"string","description_kind":"plain","optional":true},"template_virtual_port":{"type":"string","description_kind":"plain","optional":true},"template_virtual_port_shared":{"type":"string","description_kind":"plain","optional":true},"trunk_fwd":{"type":"number","description_kind":"plain","optional":true},"trunk_rev":{"type":"number","description_kind":"plain","optional":true},"use_alternate_port":{"type":"number","description_kind":"plain","optional":true},"use_cgnv6":{"type":"number","description_kind":"plain","optional":true},"use_default_if_no_server":{"type":"number","description_kind":"plain","optional":true},"use_rcv_hop_for_resp":{"type":"number","description_kind":"plain","optional":true},"user_tag":{"type":"string","description_kind":"plain","optional":true},"uuid":{"type":"string","description_kind":"plain","optional":true},"view":{"type":"number","description_kind":"plain","optional":true},"waf_template":{"type":"string","description_kind":"plain","optional":true},"when_down":{"type":"number","description_kind":"plain","optional":true},"when_down_protocol2":{"type":"number","description_kind":"plain","optional":true}},"block_types":{"acl_id_list":{"nesting_mode":"list","block":{"attributes":{"acl_id":{"type":"number","description_kind":"plain","optional":true},"acl_id_seq_num":{"type":"number","description_kind":"plain","optional":true},"acl_id_seq_num_shared":{"type":"number","description_kind":"plain","optional":true},"acl_id_shared":{"type":"number","description_kind":"plain","optional":true},"acl_id_src_nat_pool":{"type":"string","description_kind":"plain","optional":true},"acl_id_src_nat_pool_shared":{"type":"string","description_kind":"plain","optional":true},"shared_partition_pool_id":{"type":"number","description_kind":"plain","optional":true},"v_acl_id_seq_num":{"type":"number","description_kind":"plain","optional":true},"v_acl_id_seq_num_shared":{"type":"number","description_kind":"plain","optional":true},"v_acl_id_src_nat_pool":{"type":"string","description_kind":"plain","optional":true},"v_acl_id_src_nat_pool_shared":{"type":"string","description_kind":"plain","optional":true},"v_shared_partition_pool_id":{"type":"number","description_kind":"plain","optional":true}},"description_kind":"plain"}},"acl_name_list":{"nesting_mode":"list","block":{"attributes":{"acl_name":{"type":"string","description_kind":"plain","optional":true},"acl_name_seq_num":{"type":"number","description_kind":"plain","optional":true},"acl_name_seq_num_shared":{"type":"number","description_kind":"plain","optional":true},"acl_name_shared":{"type":"string","description_kind":"plain","optional":true},"acl_name_src_nat_pool":{"type":"string","description_kind":"plain","optional":true},"acl_name_src_nat_pool_shared":{"type":"string","description_kind":"plain","optional":true},"shared_partition_pool_name":{"type":"number","description_kind":"plain","optional":true},"v_acl_name_seq_num":{"type":"number","description_kind":"plain","optional":true},"v_acl_name_seq_num_shared":{"type":"number","description_kind":"plain","optional":true},"v_acl_name_src_nat_pool":{"type":"string","description_kind":"plain","optional":true},"v_acl_name_src_nat_pool_shared":{"type":"string","description_kind":"plain","optional":true},"v_shared_partition_pool_name":{"type":"number","description_kind":"plain","optional":true}},"description_kind":"plain"}},"aflex_scripts":{"nesting_mode":"list","block":{"attributes":{"aflex":{"type":"string","description_kind":"plain","optional":true},"aflex_shared":{"type":"string","description_kind":"plain","optional":true}},"description_kind":"plain"}},"auth_cfg":{"nesting_mode":"list","block":{"attributes":{"aaa_policy":{"type":"string","description_kind":"plain","optional":true}},"description_kind":"plain"},"max_items":1},"sampling_enable":{"nesting_mode":"list","block":{"attributes":{"counters1":{"type":"string","description_kind":"plain","optional":true}},"description_kind":"plain"}}},"description_kind":"plain"}},"thunder_snmp_server_community_read":{"version":0,"block":{"attributes":{"id":{"type":"string","description_kind":"plain","optional":true,"computed":true},"user":{"type":"string","description_kind":"plain","optional":true},"user_tag":{"type":"string","description_kind":"plain","optional":true},"uuid":{"type":"string","description_kind":"plain","optional":true}},"block_types":{"oid_list":{"nesting_mode":"list","block":{"attributes":{"oid_val":{"type":"string","description_kind":"plain","optional":true},"user_tag":{"type":"string","description_kind":"plain","optional":true},"uuid":{"type":"string","description_kind":"plain","optional":true}},"block_types":{"remote":{"nesting_mode":"list","block":{"block_types":{"host_list":{"nesting_mode":"list","block":{"attributes":{"dns_host":{"type":"string","description_kind":"plain","optional":true},"ipv4_mask":{"type":"string","description_kind":"plain","optional":true}},"description_kind":"plain"}},"ipv4_list":{"nesting_mode":"list","block":{"attributes":{"ipv4_host":{"type":"string","description_kind":"plain","optional":true},"ipv4_mask":{"type":"string","description_kind":"plain","optional":true}},"description_kind":"plain"}},"ipv6_list":{"nesting_mode":"list","block":{"attributes":{"ipv6_host":{"type":"string","description_kind":"plain","optional":true},"ipv6_mask":{"type":"number","description_kind":"plain","optional":true}},"description_kind":"plain"}}},"description_kind":"plain"},"max_items":1}},"description_kind":"plain"}},"remote":{"nesting_mode":"list","block":{"block_types":{"host_list":{"nesting_mode":"list","block":{"attributes":{"dns_host":{"type":"string","description_kind":"plain","optional":true},"ipv4_mask":{"type":"string","description_kind":"plain","optional":true}},"description_kind":"plain"}},"ipv4_list":{"nesting_mode":"list","block":{"attributes":{"ipv4_host":{"type":"string","description_kind":"plain","optional":true},"ipv4_mask":{"type":"string","description_kind":"plain","optional":true}},"description_kind":"plain"}},"ipv6_list":{"nesting_mode":"list","block":{"attributes":{"ipv6_host":{"type":"string","description_kind":"plain","optional":true},"ipv6_mask":{"type":"number","description_kind":"plain","optional":true}},"description_kind":"plain"}}},"description_kind":"plain"},"max_items":1}},"description_kind":"plain"}},"thunder_snmp_server_community_read_oid":{"version":0,"block":{"attributes":{"id":{"type":"string","description_kind":"plain","optional":true,"computed":true},"oid_val":{"type":"string","description_kind":"plain","optional":true},"read_user":{"type":"string","description_kind":"plain","optional":true},"user_tag":{"type":"string","description_kind":"plain","optional":true},"uuid":{"type":"string","description_kind":"plain","optional":true}},"block_types":{"remote":{"nesting_mode":"list","block":{"block_types":{"host_list":{"nesting_mode":"list","block":{"attributes":{"dns_host":{"type":"string","description_kind":"plain","optional":true},"ipv4_mask":{"type":"string","description_kind":"plain","optional":true}},"description_kind":"plain"}},"ipv4_list":{"nesting_mode":"list","block":{"attributes":{"ipv4_host":{"type":"string","description_kind":"plain","optional":true},"ipv4_mask":{"type":"string","description_kind":"plain","optional":true}},"description_kind":"plain"}},"ipv6_list":{"nesting_mode":"list","block":{"attributes":{"ipv6_host":{"type":"string","description_kind":"plain","optional":true},"ipv6_mask":{"type":"number","description_kind":"plain","optional":true}},"description_kind":"plain"}}},"description_kind":"plain"},"max_items":1}},"description_kind":"plain"}},"thunder_snmp_server_contact":{"version":0,"block":{"attributes":{"contact_name":{"type":"string","description_kind":"plain","optional":true},"id":{"type":"string","description_kind":"plain","optional":true,"computed":true},"uuid":{"type":"string","description_kind":"plain","optional":true}},"description_kind":"plain"}},"thunder_snmp_server_disable_traps":{"version":0,"block":{"attributes":{"all":{"type":"number","description_kind":"plain","optional":true},"gslb":{"type":"number","description_kind":"plain","optional":true},"id":{"type":"string","description_kind":"plain","optional":true,"computed":true},"slb":{"type":"number","description_kind":"plain","optional":true},"slb_change":{"type":"number","description_kind":"plain","optional":true},"snmp":{"type":"number","description_kind":"plain","optional":true},"uuid":{"type":"string","description_kind":"plain","optional":true},"vrrp_a":{"type":"number","description_kind":"plain","optional":true}},"description_kind":"plain"}},"thunder_snmp_server_enable_traps":{"version":0,"block":{"attributes":{"all":{"type":"number","description_kind":"plain","optional":true},"id":{"type":"string","description_kind":"plain","optional":true,"computed":true},"lldp":{"type":"number","description_kind":"plain","optional":true},"uuid":{"type":"string","description_kind":"plain","optional":true}},"block_types":{"gslb":{"nesting_mode":"list","block":{"attributes":{"all":{"type":"number","description_kind":"plain","optional":true},"group":{"type":"number","description_kind":"plain","optional":true},"service_ip":{"type":"number","description_kind":"plain","optional":true},"site":{"type":"number","description_kind":"plain","optional":true},"uuid":{"type":"string","description_kind":"plain","optional":true},"zone":{"type":"number","description_kind":"plain","optional":true}},"description_kind":"plain"},"max_items":1},"lsn":{"nesting_mode":"list","block":{"attributes":{"all":{"type":"number","description_kind":"plain","optional":true},"fixed_nat_port_mapping_file_change":{"type":"number","description_kind":"plain","optional":true},"max_ipport_threshold":{"type":"number","description_kind":"plain","optional":true},"max_port_threshold":{"type":"number","description_kind":"plain","optional":true},"per_ip_port_usage_threshold":{"type":"number","description_kind":"plain","optional":true},"total_port_usage_threshold":{"type":"number","description_kind":"plain","optional":true},"traffic_exceeded":{"type":"number","description_kind":"plain","optional":true},"uuid":{"type":"string","description_kind":"plain","optional":true}},"description_kind":"plain"},"max_items":1},"network":{"nesting_mode":"list","block":{"attributes":{"trunk_port_threshold":{"type":"number","description_kind":"plain","optional":true},"uuid":{"type":"string","description_kind":"plain","optional":true}},"description_kind":"plain"},"max_items":1},"routing":{"nesting_mode":"list","block":{"block_types":{"bgp":{"nesting_mode":"list","block":{"attributes":{"bgp_backward_trans_notification":{"type":"number","description_kind":"plain","optional":true},"bgp_established_notification":{"type":"number","description_kind":"plain","optional":true},"uuid":{"type":"string","description_kind":"plain","optional":true}},"description_kind":"plain"},"max_items":1},"isis":{"nesting_mode":"list","block":{"attributes":{"isis_adjacency_change":{"type":"number","description_kind":"plain","optional":true},"isis_area_mismatch":{"type":"number","description_kind":"plain","optional":true},"isis_attempt_to_exceed_max_sequence":{"type":"number","description_kind":"plain","optional":true},"isis_authentication_failure":{"type":"number","description_kind":"plain","optional":true},"isis_authentication_type_failure":{"type":"number","description_kind":"plain","optional":true},"isis_corrupted_lsp_detected":{"type":"number","description_kind":"plain","optional":true},"isis_database_overload":{"type":"number","description_kind":"plain","optional":true},"isis_id_len_mismatch":{"type":"number","description_kind":"plain","optional":true},"isis_lsp_too_large_to_propagate":{"type":"number","description_kind":"plain","optional":true},"isis_manual_address_drops":{"type":"number","description_kind":"plain","optional":true},"isis_max_area_addresses_mismatch":{"type":"number","description_kind":"plain","optional":true},"isis_originating_lsp_buffer_size_mismatch":{"type":"number","description_kind":"plain","optional":true},"isis_own_lsp_purge":{"type":"number","description_kind":"plain","optional":true},"isis_protocols_supported_mismatch":{"type":"number","description_kind":"plain","optional":true},"isis_rejected_adjacency":{"type":"number","description_kind":"plain","optional":true},"isis_sequence_number_skip":{"type":"number","description_kind":"plain","optional":true},"isis_version_skew":{"type":"number","description_kind":"plain","optional":true},"uuid":{"type":"string","description_kind":"plain","optional":true}},"description_kind":"plain"},"max_items":1},"ospf":{"nesting_mode":"list","block":{"attributes":{"ospf_if_auth_failure":{"type":"number","description_kind":"plain","optional":true},"ospf_if_config_error":{"type":"number","description_kind":"plain","optional":true},"ospf_if_rx_bad_packet":{"type":"number","description_kind":"plain","optional":true},"ospf_if_state_change":{"type":"number","description_kind":"plain","optional":true},"ospf_lsdb_approaching_overflow":{"type":"number","description_kind":"plain","optional":true},"ospf_lsdb_overflow":{"type":"number","description_kind":"plain","optional":true},"ospf_max_age_lsa":{"type":"number","description_kind":"plain","optional":true},"ospf_nbr_state_change":{"type":"number","description_kind":"plain","optional":true},"ospf_originate_lsa":{"type":"number","description_kind":"plain","optional":true},"ospf_tx_retransmit":{"type":"number","description_kind":"plain","optional":true},"ospf_virt_if_auth_failure":{"type":"number","description_kind":"plain","optional":true},"ospf_virt_if_config_error":{"type":"number","description_kind":"plain","optional":true},"ospf_virt_if_rx_bad_packet":{"type":"number","description_kind":"plain","optional":true},"ospf_virt_if_state_change":{"type":"number","description_kind":"plain","optional":true},"ospf_virt_if_tx_retransmit":{"type":"number","description_kind":"plain","optional":true},"ospf_virt_nbr_state_change":{"type":"number","description_kind":"plain","optional":true},"uuid":{"type":"string","description_kind":"plain","optional":true}},"description_kind":"plain"},"max_items":1}},"description_kind":"plain"},"max_items":1},"slb":{"nesting_mode":"list","block":{"attributes":{"all":{"type":"number","description_kind":"plain","optional":true},"application_buffer_limit":{"type":"number","description_kind":"plain","optional":true},"bw_rate_limit_exceed":{"type":"number","description_kind":"plain","optional":true},"bw_rate_limit_resume":{"type":"number","description_kind":"plain","optional":true},"gateway_down":{"type":"number","description_kind":"plain","optional":true},"gateway_up":{"type":"number","description_kind":"plain","optional":true},"server_conn_limit":{"type":"number","description_kind":"plain","optional":true},"server_conn_resume":{"type":"number","description_kind":"plain","optional":true},"server_disabled":{"type":"number","description_kind":"plain","optional":true},"server_down":{"type":"number","description_kind":"plain","optional":true},"server_selection_failure":{"type":"number","description_kind":"plain","optional":true},"server_up":{"type":"number","description_kind":"plain","optional":true},"service_conn_limit":{"type":"number","description_kind":"plain","optional":true},"service_conn_resume":{"type":"number","description_kind":"plain","optional":true},"service_down":{"type":"number","description_kind":"plain","optional":true},"service_group_down":{"type":"number","description_kind":"plain","optional":true},"service_group_member_down":{"type":"number","description_kind":"plain","optional":true},"service_group_member_up":{"type":"number","description_kind":"plain","optional":true},"service_group_up":{"type":"number","description_kind":"plain","optional":true},"service_up":{"type":"number","description_kind":"plain","optional":true},"uuid":{"type":"string","description_kind":"plain","optional":true},"vip_connlimit":{"type":"number","description_kind":"plain","optional":true},"vip_connratelimit":{"type":"number","description_kind":"plain","optional":true},"vip_down":{"type":"number","description_kind":"plain","optional":true},"vip_port_connlimit":{"type":"number","description_kind":"plain","optional":true},"vip_port_connratelimit":{"type":"number","description_kind":"plain","optional":true},"vip_port_down":{"type":"number","description_kind":"plain","optional":true},"vip_port_up":{"type":"number","description_kind":"plain","optional":true},"vip_up":{"type":"number","description_kind":"plain","optional":true}},"description_kind":"plain"},"max_items":1},"slb_change":{"nesting_mode":"list","block":{"attributes":{"all":{"type":"number","description_kind":"plain","optional":true},"connection_resource_event":{"type":"number","description_kind":"plain","optional":true},"resource_usage_warning":{"type":"number","description_kind":"plain","optional":true},"server":{"type":"number","description_kind":"plain","optional":true},"server_port":{"type":"number","description_kind":"plain","optional":true},"ssl_cert_change":{"type":"number","description_kind":"plain","optional":true},"ssl_cert_expire":{"type":"number","description_kind":"plain","optional":true},"system_threshold":{"type":"number","description_kind":"plain","optional":true},"uuid":{"type":"string","description_kind":"plain","optional":true},"vip":{"type":"number","description_kind":"plain","optional":true},"vip_port":{"type":"number","description_kind":"plain","optional":true}},"description_kind":"plain"},"max_items":1},"snmp":{"nesting_mode":"list","block":{"attributes":{"all":{"type":"number","description_kind":"plain","optional":true},"linkdown":{"type":"number","description_kind":"plain","optional":true},"linkup":{"type":"number","description_kind":"plain","optional":true},"uuid":{"type":"string","description_kind":"plain","optional":true}},"description_kind":"plain"},"max_items":1},"ssl":{"nesting_mode":"list","block":{"attributes":{"server_certificate_error":{"type":"number","description_kind":"plain","optional":true},"uuid":{"type":"string","description_kind":"plain","optional":true}},"description_kind":"plain"},"max_items":1},"system":{"nesting_mode":"list","block":{"attributes":{"all":{"type":"number","description_kind":"plain","optional":true},"control_cpu_high":{"type":"number","description_kind":"plain","optional":true},"data_cpu_high":{"type":"number","description_kind":"plain","optional":true},"fan":{"type":"number","description_kind":"plain","optional":true},"file_sys_read_only":{"type":"number","description_kind":"plain","optional":true},"high_disk_use":{"type":"number","description_kind":"plain","optional":true},"high_memory_use":{"type":"number","description_kind":"plain","optional":true},"high_temp":{"type":"number","description_kind":"plain","optional":true},"license_management":{"type":"number","description_kind":"plain","optional":true},"low_temp":{"type":"number","description_kind":"plain","optional":true},"packet_drop":{"type":"number","description_kind":"plain","optional":true},"power":{"type":"number","description_kind":"plain","optional":true},"pri_disk":{"type":"number","description_kind":"plain","optional":true},"restart":{"type":"number","description_kind":"plain","optional":true},"sec_disk":{"type":"number","description_kind":"plain","optional":true},"shutdown":{"type":"number","description_kind":"plain","optional":true},"smp_resource_event":{"type":"number","description_kind":"plain","optional":true},"start":{"type":"number","description_kind":"plain","optional":true},"syslog_severity_one":{"type":"number","description_kind":"plain","optional":true},"tacacs_server_up_down":{"type":"number","description_kind":"plain","optional":true},"uuid":{"type":"string","description_kind":"plain","optional":true}},"description_kind":"plain"},"max_items":1},"vcs":{"nesting_mode":"list","block":{"attributes":{"state_change":{"type":"number","description_kind":"plain","optional":true},"uuid":{"type":"string","description_kind":"plain","optional":true}},"description_kind":"plain"},"max_items":1},"vrrp_a":{"nesting_mode":"list","block":{"attributes":{"active":{"type":"number","description_kind":"plain","optional":true},"all":{"type":"number","description_kind":"plain","optional":true},"standby":{"type":"number","description_kind":"plain","optional":true},"uuid":{"type":"string","description_kind":"plain","optional":true}},"description_kind":"plain"},"max_items":1}},"description_kind":"plain"}},"thunder_snmp_server_enable_traps_gslb":{"version":0,"block":{"attributes":{"all":{"type":"number","description_kind":"plain","optional":true},"group":{"type":"number","description_kind":"plain","optional":true},"id":{"type":"string","description_kind":"plain","optional":true,"computed":true},"service_ip":{"type":"number","description_kind":"plain","optional":true},"site":{"type":"number","description_kind":"plain","optional":true},"uuid":{"type":"string","description_kind":"plain","optional":true},"zone":{"type":"number","description_kind":"plain","optional":true}},"description_kind":"plain"}},"thunder_snmp_server_enable_traps_lsn":{"version":0,"block":{"attributes":{"all":{"type":"number","description_kind":"plain","optional":true},"fixed_nat_port_mapping_file_change":{"type":"number","description_kind":"plain","optional":true},"id":{"type":"string","description_kind":"plain","optional":true,"computed":true},"max_ipport_threshold":{"type":"number","description_kind":"plain","optional":true},"max_port_threshold":{"type":"number","description_kind":"plain","optional":true},"per_ip_port_usage_threshold":{"type":"number","description_kind":"plain","optional":true},"total_port_usage_threshold":{"type":"number","description_kind":"plain","optional":true},"traffic_exceeded":{"type":"number","description_kind":"plain","optional":true},"uuid":{"type":"string","description_kind":"plain","optional":true}},"description_kind":"plain"}},"thunder_snmp_server_enable_traps_network":{"version":0,"block":{"attributes":{"id":{"type":"string","description_kind":"plain","optional":true,"computed":true},"trunk_port_threshold":{"type":"number","description_kind":"plain","optional":true},"uuid":{"type":"string","description_kind":"plain","optional":true}},"description_kind":"plain"}},"thunder_snmp_server_enable_traps_routing_bgp":{"version":0,"block":{"attributes":{"bgp_backward_trans_notification":{"type":"number","description_kind":"plain","optional":true},"bgp_established_notification":{"type":"number","description_kind":"plain","optional":true},"id":{"type":"string","description_kind":"plain","optional":true,"computed":true},"uuid":{"type":"string","description_kind":"plain","optional":true}},"description_kind":"plain"}},"thunder_snmp_server_enable_traps_routing_isis":{"version":0,"block":{"attributes":{"id":{"type":"string","description_kind":"plain","optional":true,"computed":true},"isis_adjacency_change":{"type":"number","description_kind":"plain","optional":true},"isis_area_mismatch":{"type":"number","description_kind":"plain","optional":true},"isis_attempt_to_exceed_max_sequence":{"type":"number","description_kind":"plain","optional":true},"isis_authentication_failure":{"type":"number","description_kind":"plain","optional":true},"isis_authentication_type_failure":{"type":"number","description_kind":"plain","optional":true},"isis_corrupted_lsp_detected":{"type":"number","description_kind":"plain","optional":true},"isis_database_overload":{"type":"number","description_kind":"plain","optional":true},"isis_id_len_mismatch":{"type":"number","description_kind":"plain","optional":true},"isis_lsp_too_large_to_propagate":{"type":"number","description_kind":"plain","optional":true},"isis_manual_address_drops":{"type":"number","description_kind":"plain","optional":true},"isis_max_area_addresses_mismatch":{"type":"number","description_kind":"plain","optional":true},"isis_originating_lsp_buffer_size_mismatch":{"type":"number","description_kind":"plain","optional":true},"isis_own_lsp_purge":{"type":"number","description_kind":"plain","optional":true},"isis_protocols_supported_mismatch":{"type":"number","description_kind":"plain","optional":true},"isis_rejected_adjacency":{"type":"number","description_kind":"plain","optional":true},"isis_sequence_number_skip":{"type":"number","description_kind":"plain","optional":true},"isis_version_skew":{"type":"number","description_kind":"plain","optional":true},"uuid":{"type":"string","description_kind":"plain","optional":true}},"description_kind":"plain"}},"thunder_snmp_server_enable_traps_routing_ospf":{"version":0,"block":{"attributes":{"id":{"type":"string","description_kind":"plain","optional":true,"computed":true},"ospf_if_auth_failure":{"type":"number","description_kind":"plain","optional":true},"ospf_if_config_error":{"type":"number","description_kind":"plain","optional":true},"ospf_if_rx_bad_packet":{"type":"number","description_kind":"plain","optional":true},"ospf_if_state_change":{"type":"number","description_kind":"plain","optional":true},"ospf_lsdb_approaching_overflow":{"type":"number","description_kind":"plain","optional":true},"ospf_lsdb_overflow":{"type":"number","description_kind":"plain","optional":true},"ospf_max_age_lsa":{"type":"number","description_kind":"plain","optional":true},"ospf_nbr_state_change":{"type":"number","description_kind":"plain","optional":true},"ospf_originate_lsa":{"type":"number","description_kind":"plain","optional":true},"ospf_tx_retransmit":{"type":"number","description_kind":"plain","optional":true},"ospf_virt_if_auth_failure":{"type":"number","description_kind":"plain","optional":true},"ospf_virt_if_config_error":{"type":"number","description_kind":"plain","optional":true},"ospf_virt_if_rx_bad_packet":{"type":"number","description_kind":"plain","optional":true},"ospf_virt_if_state_change":{"type":"number","description_kind":"plain","optional":true},"ospf_virt_if_tx_retransmit":{"type":"number","description_kind":"plain","optional":true},"ospf_virt_nbr_state_change":{"type":"number","description_kind":"plain","optional":true},"uuid":{"type":"string","description_kind":"plain","optional":true}},"description_kind":"plain"}},"thunder_snmp_server_enable_traps_slb":{"version":0,"block":{"attributes":{"all":{"type":"number","description_kind":"plain","optional":true},"application_buffer_limit":{"type":"number","description_kind":"plain","optional":true},"bw_rate_limit_exceed":{"type":"number","description_kind":"plain","optional":true},"bw_rate_limit_resume":{"type":"number","description_kind":"plain","optional":true},"gateway_down":{"type":"number","description_kind":"plain","optional":true},"gateway_up":{"type":"number","description_kind":"plain","optional":true},"id":{"type":"string","description_kind":"plain","optional":true,"computed":true},"server_conn_limit":{"type":"number","description_kind":"plain","optional":true},"server_conn_resume":{"type":"number","description_kind":"plain","optional":true},"server_disabled":{"type":"number","description_kind":"plain","optional":true},"server_down":{"type":"number","description_kind":"plain","optional":true},"server_selection_failure":{"type":"number","description_kind":"plain","optional":true},"server_up":{"type":"number","description_kind":"plain","optional":true},"service_conn_limit":{"type":"number","description_kind":"plain","optional":true},"service_conn_resume":{"type":"number","description_kind":"plain","optional":true},"service_down":{"type":"number","description_kind":"plain","optional":true},"service_group_down":{"type":"number","description_kind":"plain","optional":true},"service_group_member_down":{"type":"number","description_kind":"plain","optional":true},"service_group_member_up":{"type":"number","description_kind":"plain","optional":true},"service_group_up":{"type":"number","description_kind":"plain","optional":true},"service_up":{"type":"number","description_kind":"plain","optional":true},"uuid":{"type":"string","description_kind":"plain","optional":true},"vip_connlimit":{"type":"number","description_kind":"plain","optional":true},"vip_connratelimit":{"type":"number","description_kind":"plain","optional":true},"vip_down":{"type":"number","description_kind":"plain","optional":true},"vip_port_connlimit":{"type":"number","description_kind":"plain","optional":true},"vip_port_connratelimit":{"type":"number","description_kind":"plain","optional":true},"vip_port_down":{"type":"number","description_kind":"plain","optional":true},"vip_port_up":{"type":"number","description_kind":"plain","optional":true},"vip_up":{"type":"number","description_kind":"plain","optional":true}},"description_kind":"plain"}},"thunder_snmp_server_enable_traps_slb_change":{"version":0,"block":{"attributes":{"all":{"type":"number","description_kind":"plain","optional":true},"connection_resource_event":{"type":"number","description_kind":"plain","optional":true},"id":{"type":"string","description_kind":"plain","optional":true,"computed":true},"resource_usage_warning":{"type":"number","description_kind":"plain","optional":true},"server":{"type":"number","description_kind":"plain","optional":true},"server_port":{"type":"number","description_kind":"plain","optional":true},"ssl_cert_change":{"type":"number","description_kind":"plain","optional":true},"ssl_cert_expire":{"type":"number","description_kind":"plain","optional":true},"system_threshold":{"type":"number","description_kind":"plain","optional":true},"uuid":{"type":"string","description_kind":"plain","optional":true},"vip":{"type":"number","description_kind":"plain","optional":true},"vip_port":{"type":"number","description_kind":"plain","optional":true}},"description_kind":"plain"}},"thunder_snmp_server_enable_traps_snmp":{"version":0,"block":{"attributes":{"all":{"type":"number","description_kind":"plain","optional":true},"id":{"type":"string","description_kind":"plain","optional":true,"computed":true},"linkdown":{"type":"number","description_kind":"plain","optional":true},"linkup":{"type":"number","description_kind":"plain","optional":true},"uuid":{"type":"string","description_kind":"plain","optional":true}},"description_kind":"plain"}},"thunder_snmp_server_enable_traps_ssl":{"version":0,"block":{"attributes":{"id":{"type":"string","description_kind":"plain","optional":true,"computed":true},"server_certificate_error":{"type":"number","description_kind":"plain","optional":true},"uuid":{"type":"string","description_kind":"plain","optional":true}},"description_kind":"plain"}},"thunder_snmp_server_enable_traps_system":{"version":0,"block":{"attributes":{"all":{"type":"number","description_kind":"plain","optional":true},"control_cpu_high":{"type":"number","description_kind":"plain","optional":true},"data_cpu_high":{"type":"number","description_kind":"plain","optional":true},"fan":{"type":"number","description_kind":"plain","optional":true},"file_sys_read_only":{"type":"number","description_kind":"plain","optional":true},"high_disk_use":{"type":"number","description_kind":"plain","optional":true},"high_memory_use":{"type":"number","description_kind":"plain","optional":true},"high_temp":{"type":"number","description_kind":"plain","optional":true},"id":{"type":"string","description_kind":"plain","optional":true,"computed":true},"license_management":{"type":"number","description_kind":"plain","optional":true},"low_temp":{"type":"number","description_kind":"plain","optional":true},"packet_drop":{"type":"number","description_kind":"plain","optional":true},"power":{"type":"number","description_kind":"plain","optional":true},"pri_disk":{"type":"number","description_kind":"plain","optional":true},"restart":{"type":"number","description_kind":"plain","optional":true},"sec_disk":{"type":"number","description_kind":"plain","optional":true},"shutdown":{"type":"number","description_kind":"plain","optional":true},"smp_resource_event":{"type":"number","description_kind":"plain","optional":true},"start":{"type":"number","description_kind":"plain","optional":true},"syslog_severity_one":{"type":"number","description_kind":"plain","optional":true},"tacacs_server_up_down":{"type":"number","description_kind":"plain","optional":true},"uuid":{"type":"string","description_kind":"plain","optional":true}},"description_kind":"plain"}},"thunder_snmp_server_enable_traps_vcs":{"version":0,"block":{"attributes":{"id":{"type":"string","description_kind":"plain","optional":true,"computed":true},"state_change":{"type":"number","description_kind":"plain","optional":true},"uuid":{"type":"string","description_kind":"plain","optional":true}},"description_kind":"plain"}},"thunder_snmp_server_enable_traps_vrrp_a":{"version":0,"block":{"attributes":{"active":{"type":"number","description_kind":"plain","optional":true},"all":{"type":"number","description_kind":"plain","optional":true},"id":{"type":"string","description_kind":"plain","optional":true,"computed":true},"standby":{"type":"number","description_kind":"plain","optional":true},"uuid":{"type":"string","description_kind":"plain","optional":true}},"description_kind":"plain"}},"thunder_snmp_server_engine_id":{"version":0,"block":{"attributes":{"eng_id":{"type":"string","description_kind":"plain","optional":true},"id":{"type":"string","description_kind":"plain","optional":true,"computed":true},"uuid":{"type":"string","description_kind":"plain","optional":true}},"description_kind":"plain"}},"thunder_snmp_server_group":{"version":0,"block":{"attributes":{"groupname":{"type":"string","description_kind":"plain","optional":true},"id":{"type":"string","description_kind":"plain","optional":true,"computed":true},"read":{"type":"string","description_kind":"plain","optional":true},"uuid":{"type":"string","description_kind":"plain","optional":true},"v3":{"type":"string","description_kind":"plain","optional":true}},"description_kind":"plain"}},"thunder_snmp_server_host_host_name":{"version":0,"block":{"attributes":{"hostname":{"type":"string","description_kind":"plain","optional":true},"id":{"type":"string","description_kind":"plain","optional":true,"computed":true},"udp_port":{"type":"number","description_kind":"plain","optional":true},"user":{"type":"string","description_kind":"plain","optional":true},"uuid":{"type":"string","description_kind":"plain","optional":true},"v1_v2c_comm":{"type":"string","description_kind":"plain","optional":true},"version":{"type":"string","description_kind":"plain","optional":true}},"description_kind":"plain"}},"thunder_snmp_server_host_ipv4_host":{"version":0,"block":{"attributes":{"id":{"type":"string","description_kind":"plain","optional":true,"computed":true},"ipv4_addr":{"type":"string","description_kind":"plain","optional":true},"udp_port":{"type":"number","description_kind":"plain","optional":true},"user":{"type":"string","description_kind":"plain","optional":true},"uuid":{"type":"string","description_kind":"plain","optional":true},"v1_v2c_comm":{"type":"string","description_kind":"plain","optional":true},"version":{"type":"string","description_kind":"plain","optional":true}},"description_kind":"plain"}},"thunder_snmp_server_host_ipv6_host":{"version":0,"block":{"attributes":{"id":{"type":"string","description_kind":"plain","optional":true,"computed":true},"ipv6_addr":{"type":"string","description_kind":"plain","optional":true},"udp_port":{"type":"number","description_kind":"plain","optional":true},"user":{"type":"string","description_kind":"plain","optional":true},"uuid":{"type":"string","description_kind":"plain","optional":true},"v1_v2c_comm":{"type":"string","description_kind":"plain","optional":true},"version":{"type":"string","description_kind":"plain","optional":true}},"description_kind":"plain"}},"thunder_snmp_server_location":{"version":0,"block":{"attributes":{"id":{"type":"string","description_kind":"plain","optional":true,"computed":true},"loc":{"type":"string","description_kind":"plain","optional":true},"uuid":{"type":"string","description_kind":"plain","optional":true}},"description_kind":"plain"}},"thunder_snmp_server_management_index":{"version":0,"block":{"attributes":{"id":{"type":"string","description_kind":"plain","optional":true,"computed":true},"mgmt_index":{"type":"number","description_kind":"plain","optional":true},"uuid":{"type":"string","description_kind":"plain","optional":true}},"description_kind":"plain"}},"thunder_snmp_server_slb_data_cache_timeout":{"version":0,"block":{"attributes":{"id":{"type":"string","description_kind":"plain","optional":true,"computed":true},"slblimit":{"type":"number","description_kind":"plain","optional":true},"uuid":{"type":"string","description_kind":"plain","optional":true}},"description_kind":"plain"}},"thunder_snmp_server_snmpv1_v2c_user":{"version":0,"block":{"attributes":{"encrypted":{"type":"string","description_kind":"plain","optional":true},"id":{"type":"string","description_kind":"plain","optional":true,"computed":true},"passwd":{"type":"string","description_kind":"plain","optional":true},"user":{"type":"string","description_kind":"plain","optional":true},"user_tag":{"type":"string","description_kind":"plain","optional":true},"uuid":{"type":"string","description_kind":"plain","optional":true}},"block_types":{"oid_list":{"nesting_mode":"list","block":{"attributes":{"oid_val":{"type":"string","description_kind":"plain","optional":true},"user_tag":{"type":"string","description_kind":"plain","optional":true},"uuid":{"type":"string","description_kind":"plain","optional":true}},"block_types":{"remote":{"nesting_mode":"list","block":{"block_types":{"host_list":{"nesting_mode":"list","block":{"attributes":{"dns_host":{"type":"string","description_kind":"plain","optional":true},"ipv4_mask":{"type":"string","description_kind":"plain","optional":true}},"description_kind":"plain"}},"ipv4_list":{"nesting_mode":"list","block":{"attributes":{"ipv4_host":{"type":"string","description_kind":"plain","optional":true},"ipv4_mask":{"type":"string","description_kind":"plain","optional":true}},"description_kind":"plain"}},"ipv6_list":{"nesting_mode":"list","block":{"attributes":{"ipv6_host":{"type":"string","description_kind":"plain","optional":true},"ipv6_mask":{"type":"number","description_kind":"plain","optional":true}},"description_kind":"plain"}}},"description_kind":"plain"},"max_items":1}},"description_kind":"plain"}},"remote":{"nesting_mode":"list","block":{"block_types":{"host_list":{"nesting_mode":"list","block":{"attributes":{"dns_host":{"type":"string","description_kind":"plain","optional":true},"ipv4_mask":{"type":"string","description_kind":"plain","optional":true}},"description_kind":"plain"}},"ipv4_list":{"nesting_mode":"list","block":{"attributes":{"ipv4_host":{"type":"string","description_kind":"plain","optional":true},"ipv4_mask":{"type":"string","description_kind":"plain","optional":true}},"description_kind":"plain"}},"ipv6_list":{"nesting_mode":"list","block":{"attributes":{"ipv6_host":{"type":"string","description_kind":"plain","optional":true},"ipv6_mask":{"type":"number","description_kind":"plain","optional":true}},"description_kind":"plain"}}},"description_kind":"plain"},"max_items":1}},"description_kind":"plain"}},"thunder_snmp_server_snmpv1_v2c_user_oid":{"version":0,"block":{"attributes":{"id":{"type":"string","description_kind":"plain","optional":true,"computed":true},"oid":{"type":"string","description_kind":"plain","optional":true},"oid_val":{"type":"string","description_kind":"plain","optional":true},"user":{"type":"string","description_kind":"plain","optional":true},"user_tag":{"type":"string","description_kind":"plain","optional":true},"uuid":{"type":"string","description_kind":"plain","optional":true}},"block_types":{"remote":{"nesting_mode":"list","block":{"block_types":{"host_list":{"nesting_mode":"list","block":{"attributes":{"dns_host":{"type":"string","description_kind":"plain","optional":true},"ipv4_mask":{"type":"string","description_kind":"plain","optional":true}},"description_kind":"plain"}},"ipv4_list":{"nesting_mode":"list","block":{"attributes":{"ipv4_host":{"type":"string","description_kind":"plain","optional":true},"ipv4_mask":{"type":"string","description_kind":"plain","optional":true}},"description_kind":"plain"}},"ipv6_list":{"nesting_mode":"list","block":{"attributes":{"ipv6_host":{"type":"string","description_kind":"plain","optional":true},"ipv6_mask":{"type":"number","description_kind":"plain","optional":true}},"description_kind":"plain"}}},"description_kind":"plain"},"max_items":1}},"description_kind":"plain"}},"thunder_snmp_server_snmpv3_user":{"version":0,"block":{"attributes":{"auth_val":{"type":"string","description_kind":"plain","optional":true},"encpasswd":{"type":"string","description_kind":"plain","optional":true},"group":{"type":"string","description_kind":"plain","optional":true},"id":{"type":"string","description_kind":"plain","optional":true,"computed":true},"passwd":{"type":"string","description_kind":"plain","optional":true},"priv":{"type":"string","description_kind":"plain","optional":true},"priv_pw_encrypted":{"type":"string","description_kind":"plain","optional":true},"pw_encrypted":{"type":"string","description_kind":"plain","optional":true},"username":{"type":"string","description_kind":"plain","optional":true},"uuid":{"type":"string","description_kind":"plain","optional":true},"v3":{"type":"string","description_kind":"plain","optional":true}},"description_kind":"plain"}},"thunder_snmp_server_user":{"version":0,"block":{"attributes":{"auth_val":{"type":"string","description_kind":"plain","optional":true},"encpasswd":{"type":"string","description_kind":"plain","optional":true},"group":{"type":"string","description_kind":"plain","optional":true},"id":{"type":"string","description_kind":"plain","optional":true,"computed":true},"passwd":{"type":"string","description_kind":"plain","optional":true},"priv":{"type":"string","description_kind":"plain","optional":true},"priv_pw_encrypted":{"type":"string","description_kind":"plain","optional":true},"pw_encrypted":{"type":"string","description_kind":"plain","optional":true},"username":{"type":"string","description_kind":"plain","optional":true},"uuid":{"type":"string","description_kind":"plain","optional":true},"v3":{"type":"string","description_kind":"plain","optional":true}},"description_kind":"plain"}},"thunder_snmp_server_view":{"version":0,"block":{"attributes":{"id":{"type":"string","description_kind":"plain","optional":true,"computed":true},"mask":{"type":"string","description_kind":"plain","optional":true},"oid":{"type":"string","description_kind":"plain","optional":true},"type":{"type":"string","description_kind":"plain","optional":true},"uuid":{"type":"string","description_kind":"plain","optional":true},"viewname":{"type":"string","description_kind":"plain","optional":true}},"description_kind":"plain"}},"thunder_system":{"version":0,"block":{"attributes":{"anomaly_log":{"type":"number","description_kind":"plain","optional":true},"attack_log":{"type":"number","description_kind":"plain","optional":true},"class_list_hitcount_enable":{"type":"number","description_kind":"plain","optional":true},"ddos_attack":{"type":"number","description_kind":"plain","optional":true},"ddos_log":{"type":"number","description_kind":"plain","optional":true},"domain_list_hitcount_enable":{"type":"number","description_kind":"plain","optional":true},"dynamic_service_dns_socket_pool":{"type":"number","description_kind":"plain","optional":true},"geo_db_hitcount_enable":{"type":"number","description_kind":"plain","optional":true},"glid":{"type":"number","description_kind":"plain","optional":true},"id":{"type":"string","description_kind":"plain","optional":true,"computed":true},"module_ctrl_cpu":{"type":"string","description_kind":"plain","optional":true},"promiscuous_mode":{"type":"number","description_kind":"plain","optional":true},"sockstress_disable":{"type":"number","description_kind":"plain","optional":true},"src_ip_hash_enable":{"type":"number","description_kind":"plain","optional":true},"uuid":{"type":"string","description_kind":"plain","optional":true}},"block_types":{"add_cpu_core":{"nesting_mode":"list","block":{"attributes":{"core_index":{"type":"number","description_kind":"plain","optional":true}},"description_kind":"plain"},"max_items":1},"add_port":{"nesting_mode":"list","block":{"attributes":{"port_index":{"type":"number","description_kind":"plain","optional":true}},"description_kind":"plain"},"max_items":1},"all_vlan_limit":{"nesting_mode":"list","block":{"attributes":{"bcast":{"type":"number","description_kind":"plain","optional":true},"ipmcast":{"type":"number","description_kind":"plain","optional":true},"mcast":{"type":"number","description_kind":"plain","optional":true},"unknown_ucast":{"type":"number","description_kind":"plain","optional":true},"uuid":{"type":"string","description_kind":"plain","optional":true}},"description_kind":"plain"},"max_items":1},"app_performance":{"nesting_mode":"list","block":{"attributes":{"uuid":{"type":"string","description_kind":"plain","optional":true}},"block_types":{"sampling_enable":{"nesting_mode":"list","block":{"attributes":{"counters1":{"type":"string","description_kind":"plain","optional":true}},"description_kind":"plain"}}},"description_kind":"plain"},"max_items":1},"apps_global":{"nesting_mode":"list","block":{"attributes":{"log_session_on_established":{"type":"number","description_kind":"plain","optional":true},"msl_time":{"type":"number","description_kind":"plain","optional":true},"uuid":{"type":"string","description_kind":"plain","optional":true}},"description_kind":"plain"},"max_items":1},"bandwidth":{"nesting_mode":"list","block":{"attributes":{"uuid":{"type":"string","description_kind":"plain","optional":true}},"block_types":{"sampling_enable":{"nesting_mode":"list","block":{"attributes":{"counters1":{"type":"string","description_kind":"plain","optional":true}},"description_kind":"plain"}}},"description_kind":"plain"},"max_items":1},"bfd":{"nesting_mode":"list","block":{"attributes":{"uuid":{"type":"string","description_kind":"plain","optional":true}},"block_types":{"sampling_enable":{"nesting_mode":"list","block":{"attributes":{"counters1":{"type":"string","description_kind":"plain","optional":true}},"description_kind":"plain"}}},"description_kind":"plain"},"max_items":1},"cm_update_file_name_ref":{"nesting_mode":"list","block":{"attributes":{"dest_name":{"type":"string","description_kind":"plain","optional":true},"id":{"type":"number","description_kind":"plain","optional":true},"source_name":{"type":"string","description_kind":"plain","optional":true}},"description_kind":"plain"},"max_items":1},"control_cpu":{"nesting_mode":"list","block":{"attributes":{"uuid":{"type":"string","description_kind":"plain","optional":true}},"description_kind":"plain"},"max_items":1},"core":{"nesting_mode":"list","block":{"attributes":{"uuid":{"type":"string","description_kind":"plain","optional":true}},"description_kind":"plain"},"max_items":1},"cosq_show":{"nesting_mode":"list","block":{"attributes":{"uuid":{"type":"string","description_kind":"plain","optional":true}},"description_kind":"plain"},"max_items":1},"cosq_stats":{"nesting_mode":"list","block":{"attributes":{"uuid":{"type":"string","description_kind":"plain","optional":true}},"description_kind":"plain"},"max_items":1},"counter_lib_accounting":{"nesting_mode":"list","block":{"attributes":{"uuid":{"type":"string","description_kind":"plain","optional":true}},"description_kind":"plain"},"max_items":1},"cpu_hyper_thread":{"nesting_mode":"list","block":{"attributes":{"disable":{"type":"number","description_kind":"plain","optional":true},"enable":{"type":"number","description_kind":"plain","optional":true}},"description_kind":"plain"},"max_items":1},"cpu_list":{"nesting_mode":"list","block":{"attributes":{"uuid":{"type":"string","description_kind":"plain","optional":true}},"description_kind":"plain"},"max_items":1},"cpu_load_sharing":{"nesting_mode":"list","block":{"attributes":{"disable":{"type":"number","description_kind":"plain","optional":true},"uuid":{"type":"string","description_kind":"plain","optional":true}},"block_types":{"cpu_usage":{"nesting_mode":"list","block":{"attributes":{"high":{"type":"number","description_kind":"plain","optional":true},"low":{"type":"number","description_kind":"plain","optional":true}},"description_kind":"plain"},"max_items":1},"packets_per_second":{"nesting_mode":"list","block":{"attributes":{"min":{"type":"number","description_kind":"plain","optional":true}},"description_kind":"plain"},"max_items":1}},"description_kind":"plain"},"max_items":1},"cpu_map":{"nesting_mode":"list","block":{"attributes":{"uuid":{"type":"string","description_kind":"plain","optional":true}},"description_kind":"plain"},"max_items":1},"data_cpu":{"nesting_mode":"list","block":{"attributes":{"uuid":{"type":"string","description_kind":"plain","optional":true}},"description_kind":"plain"},"max_items":1},"deep_hrxq":{"nesting_mode":"list","block":{"attributes":{"enable":{"type":"number","description_kind":"plain","optional":true}},"description_kind":"plain"},"max_items":1},"del_port":{"nesting_mode":"list","block":{"attributes":{"port_index":{"type":"number","description_kind":"plain","optional":true}},"description_kind":"plain"},"max_items":1},"delete_cpu_core":{"nesting_mode":"list","block":{"attributes":{"core_index":{"type":"number","description_kind":"plain","optional":true}},"description_kind":"plain"},"max_items":1},"dns":{"nesting_mode":"list","block":{"attributes":{"uuid":{"type":"string","description_kind":"plain","optional":true}},"block_types":{"sampling_enable":{"nesting_mode":"list","block":{"attributes":{"counters1":{"type":"string","description_kind":"plain","optional":true}},"description_kind":"plain"}}},"description_kind":"plain"},"max_items":1},"dns_cache":{"nesting_mode":"list","block":{"attributes":{"uuid":{"type":"string","description_kind":"plain","optional":true}},"block_types":{"sampling_enable":{"nesting_mode":"list","block":{"attributes":{"counters1":{"type":"string","description_kind":"plain","optional":true}},"description_kind":"plain"}}},"description_kind":"plain"},"max_items":1},"domain_list_info":{"nesting_mode":"list","block":{"attributes":{"uuid":{"type":"string","description_kind":"plain","optional":true}},"description_kind":"plain"},"max_items":1},"dpdk_stats":{"nesting_mode":"list","block":{"attributes":{"uuid":{"type":"string","description_kind":"plain","optional":true}},"block_types":{"sampling_enable":{"nesting_mode":"list","block":{"attributes":{"counters1":{"type":"string","description_kind":"plain","optional":true}},"description_kind":"plain"}}},"description_kind":"plain"},"max_items":1},"environment":{"nesting_mode":"list","block":{"attributes":{"uuid":{"type":"string","description_kind":"plain","optional":true}},"description_kind":"plain"},"max_items":1},"fpga_core_crc":{"nesting_mode":"list","block":{"attributes":{"monitor_disable":{"type":"number","description_kind":"plain","optional":true},"reboot_enable":{"type":"number","description_kind":"plain","optional":true},"uuid":{"type":"string","description_kind":"plain","optional":true}},"description_kind":"plain"},"max_items":1},"fpga_drop":{"nesting_mode":"list","block":{"attributes":{"uuid":{"type":"string","description_kind":"plain","optional":true}},"block_types":{"sampling_enable":{"nesting_mode":"list","block":{"attributes":{"counters1":{"type":"string","description_kind":"plain","optional":true}},"description_kind":"plain"}}},"description_kind":"plain"},"max_items":1},"fw":{"nesting_mode":"list","block":{"attributes":{"application_flow":{"type":"number","description_kind":"plain","optional":true},"application_mempool":{"type":"number","description_kind":"plain","optional":true},"basic_dpi_enable":{"type":"number","description_kind":"plain","optional":true},"uuid":{"type":"string","description_kind":"plain","optional":true}},"description_kind":"plain"},"max_items":1},"geo_location":{"nesting_mode":"list","block":{"attributes":{"geo_location_geolite2_city":{"type":"number","description_kind":"plain","optional":true},"geo_location_geolite2_country":{"type":"number","description_kind":"plain","optional":true},"geo_location_iana":{"type":"number","description_kind":"plain","optional":true},"geolite2_city_include_ipv6":{"type":"number","description_kind":"plain","optional":true},"geolite2_country_include_ipv6":{"type":"number","description_kind":"plain","optional":true},"uuid":{"type":"string","description_kind":"plain","optional":true}},"block_types":{"entry_list":{"nesting_mode":"list","block":{"attributes":{"geo_locn_obj_name":{"type":"string","description_kind":"plain","optional":true},"user_tag":{"type":"string","description_kind":"plain","optional":true},"uuid":{"type":"string","description_kind":"plain","optional":true}},"block_types":{"geo_locn_multiple_addresses":{"nesting_mode":"list","block":{"attributes":{"first_ip_address":{"type":"string","description_kind":"plain","optional":true},"first_ipv6_address":{"type":"string","description_kind":"plain","optional":true},"geol_ipv4_mask":{"type":"string","description_kind":"plain","optional":true},"geol_ipv6_mask":{"type":"number","description_kind":"plain","optional":true},"ip_addr2":{"type":"string","description_kind":"plain","optional":true},"ipv6_addr2":{"type":"string","description_kind":"plain","optional":true}},"description_kind":"plain"}}},"description_kind":"plain"}},"geoloc_load_file_list":{"nesting_mode":"list","block":{"attributes":{"geo_location_load_filename":{"type":"string","description_kind":"plain","optional":true},"template_name":{"type":"string","description_kind":"plain","optional":true}},"description_kind":"plain"}}},"description_kind":"plain"},"max_items":1},"geoloc":{"nesting_mode":"list","block":{"attributes":{"uuid":{"type":"string","description_kind":"plain","optional":true}},"block_types":{"sampling_enable":{"nesting_mode":"list","block":{"attributes":{"counters1":{"type":"string","description_kind":"plain","optional":true}},"description_kind":"plain"}}},"description_kind":"plain"},"max_items":1},"geoloc_list_list":{"nesting_mode":"list","block":{"attributes":{"name":{"type":"string","description_kind":"plain","optional":true},"shared":{"type":"number","description_kind":"plain","optional":true},"user_tag":{"type":"string","description_kind":"plain","optional":true},"uuid":{"type":"string","description_kind":"plain","optional":true}},"block_types":{"exclude_geoloc_name_list":{"nesting_mode":"list","block":{"attributes":{"exclude_geoloc_name_val":{"type":"string","description_kind":"plain","optional":true}},"description_kind":"plain"}},"include_geoloc_name_list":{"nesting_mode":"list","block":{"attributes":{"include_geoloc_name_val":{"type":"string","description_kind":"plain","optional":true}},"description_kind":"plain"}},"sampling_enable":{"nesting_mode":"list","block":{"attributes":{"counters1":{"type":"string","description_kind":"plain","optional":true}},"description_kind":"plain"}}},"description_kind":"plain"}},"geoloc_name_helper":{"nesting_mode":"list","block":{"attributes":{"uuid":{"type":"string","description_kind":"plain","optional":true}},"block_types":{"sampling_enable":{"nesting_mode":"list","block":{"attributes":{"counters1":{"type":"string","description_kind":"plain","optional":true}},"description_kind":"plain"}}},"description_kind":"plain"},"max_items":1},"geolocation_file":{"nesting_mode":"list","block":{"attributes":{"uuid":{"type":"string","description_kind":"plain","optional":true}},"block_types":{"error_info":{"nesting_mode":"list","block":{"attributes":{"uuid":{"type":"string","description_kind":"plain","optional":true}},"description_kind":"plain"},"max_items":1}},"description_kind":"plain"},"max_items":1},"guest_file":{"nesting_mode":"list","block":{"attributes":{"uuid":{"type":"string","description_kind":"plain","optional":true}},"description_kind":"plain"},"max_items":1},"gui_image_list":{"nesting_mode":"list","block":{"attributes":{"uuid":{"type":"string","description_kind":"plain","optional":true}},"description_kind":"plain"},"max_items":1},"hardware":{"nesting_mode":"list","block":{"attributes":{"uuid":{"type":"string","description_kind":"plain","optional":true}},"description_kind":"plain"},"max_items":1},"hardware_forward":{"nesting_mode":"list","block":{"attributes":{"uuid":{"type":"string","description_kind":"plain","optional":true}},"block_types":{"sampling_enable":{"nesting_mode":"list","block":{"attributes":{"counters1":{"type":"string","description_kind":"plain","optional":true}},"description_kind":"plain"}},"slb":{"nesting_mode":"list","block":{"attributes":{"uuid":{"type":"string","description_kind":"plain","optional":true}},"block_types":{"sampling_enable":{"nesting_mode":"list","block":{"attributes":{"counters1":{"type":"string","description_kind":"plain","optional":true}},"description_kind":"plain"}}},"description_kind":"plain"},"max_items":1}},"description_kind":"plain"},"max_items":1},"hrxq_status":{"nesting_mode":"list","block":{"attributes":{"uuid":{"type":"string","description_kind":"plain","optional":true}},"description_kind":"plain"},"max_items":1},"icmp":{"nesting_mode":"list","block":{"attributes":{"uuid":{"type":"string","description_kind":"plain","optional":true}},"block_types":{"sampling_enable":{"nesting_mode":"list","block":{"attributes":{"counters1":{"type":"string","description_kind":"plain","optional":true}},"description_kind":"plain"}}},"description_kind":"plain"},"max_items":1},"icmp6":{"nesting_mode":"list","block":{"attributes":{"uuid":{"type":"string","description_kind":"plain","optional":true}},"block_types":{"sampling_enable":{"nesting_mode":"list","block":{"attributes":{"counters1":{"type":"string","description_kind":"plain","optional":true}},"description_kind":"plain"}}},"description_kind":"plain"},"max_items":1},"icmp_rate":{"nesting_mode":"list","block":{"attributes":{"uuid":{"type":"string","description_kind":"plain","optional":true}},"block_types":{"sampling_enable":{"nesting_mode":"list","block":{"attributes":{"counters1":{"type":"string","description_kind":"plain","optional":true}},"description_kind":"plain"}}},"description_kind":"plain"},"max_items":1},"inuse_cpu_list":{"nesting_mode":"list","block":{"attributes":{"uuid":{"type":"string","description_kind":"plain","optional":true}},"description_kind":"plain"},"max_items":1},"inuse_port_list":{"nesting_mode":"list","block":{"attributes":{"uuid":{"type":"string","description_kind":"plain","optional":true}},"description_kind":"plain"},"max_items":1},"io_cpu":{"nesting_mode":"list","block":{"attributes":{"max_cores":{"type":"number","description_kind":"plain","optional":true}},"description_kind":"plain"},"max_items":1},"ip6_stats":{"nesting_mode":"list","block":{"attributes":{"uuid":{"type":"string","description_kind":"plain","optional":true}},"block_types":{"sampling_enable":{"nesting_mode":"list","block":{"attributes":{"counters1":{"type":"string","description_kind":"plain","optional":true}},"description_kind":"plain"}}},"description_kind":"plain"},"max_items":1},"ip_dns_cache":{"nesting_mode":"list","block":{"attributes":{"uuid":{"type":"string","description_kind":"plain","optional":true}},"description_kind":"plain"},"max_items":1},"ip_stats":{"nesting_mode":"list","block":{"attributes":{"uuid":{"type":"string","description_kind":"plain","optional":true}},"block_types":{"sampling_enable":{"nesting_mode":"list","block":{"attributes":{"counters1":{"type":"string","description_kind":"plain","optional":true}},"description_kind":"plain"}}},"description_kind":"plain"},"max_items":1},"ip_threat_list":{"nesting_mode":"list","block":{"attributes":{"uuid":{"type":"string","description_kind":"plain","optional":true}},"block_types":{"ipv4_dest_list":{"nesting_mode":"list","block":{"attributes":{"uuid":{"type":"string","description_kind":"plain","optional":true}},"block_types":{"class_list_cfg":{"nesting_mode":"list","block":{"attributes":{"class_list":{"type":"string","description_kind":"plain","optional":true},"ip_threat_action_tmpl":{"type":"number","description_kind":"plain","optional":true}},"description_kind":"plain"}}},"description_kind":"plain"},"max_items":1},"ipv4_source_list":{"nesting_mode":"list","block":{"attributes":{"uuid":{"type":"string","description_kind":"plain","optional":true}},"block_types":{"class_list_cfg":{"nesting_mode":"list","block":{"attributes":{"class_list":{"type":"string","description_kind":"plain","optional":true},"ip_threat_action_tmpl":{"type":"number","description_kind":"plain","optional":true}},"description_kind":"plain"}}},"description_kind":"plain"},"max_items":1},"ipv6_dest_list":{"nesting_mode":"list","block":{"attributes":{"uuid":{"type":"string","description_kind":"plain","optional":true}},"block_types":{"class_list_cfg":{"nesting_mode":"list","block":{"attributes":{"class_list":{"type":"string","description_kind":"plain","optional":true},"ip_threat_action_tmpl":{"type":"number","description_kind":"plain","optional":true}},"description_kind":"plain"}}},"description_kind":"plain"},"max_items":1},"ipv6_source_list":{"nesting_mode":"list","block":{"attributes":{"uuid":{"type":"string","description_kind":"plain","optional":true}},"block_types":{"class_list_cfg":{"nesting_mode":"list","block":{"attributes":{"class_list":{"type":"string","description_kind":"plain","optional":true},"ip_threat_action_tmpl":{"type":"number","description_kind":"plain","optional":true}},"description_kind":"plain"}}},"description_kind":"plain"},"max_items":1},"sampling_enable":{"nesting_mode":"list","block":{"attributes":{"counters1":{"type":"string","description_kind":"plain","optional":true}},"description_kind":"plain"}}},"description_kind":"plain"},"max_items":1},"ipmi":{"nesting_mode":"list","block":{"attributes":{"reset":{"type":"number","description_kind":"plain","optional":true}},"block_types":{"ip":{"nesting_mode":"list","block":{"attributes":{"default_gateway":{"type":"string","description_kind":"plain","optional":true},"ipv4_address":{"type":"string","description_kind":"plain","optional":true},"ipv4_netmask":{"type":"string","description_kind":"plain","optional":true}},"description_kind":"plain"},"max_items":1},"ipsrc":{"nesting_mode":"list","block":{"attributes":{"dhcp":{"type":"number","description_kind":"plain","optional":true},"static":{"type":"number","description_kind":"plain","optional":true}},"description_kind":"plain"},"max_items":1},"tool":{"nesting_mode":"list","block":{"attributes":{"cmd":{"type":"string","description_kind":"plain","optional":true}},"description_kind":"plain"},"max_items":1},"user":{"nesting_mode":"list","block":{"attributes":{"add":{"type":"string","description_kind":"plain","optional":true},"administrator":{"type":"number","description_kind":"plain","optional":true},"callback":{"type":"number","description_kind":"plain","optional":true},"disable":{"type":"string","description_kind":"plain","optional":true},"newname":{"type":"string","description_kind":"plain","optional":true},"newpass":{"type":"string","description_kind":"plain","optional":true},"operator":{"type":"number","description_kind":"plain","optional":true},"password":{"type":"string","description_kind":"plain","optional":true},"privilege":{"type":"string","description_kind":"plain","optional":true},"setname":{"type":"string","description_kind":"plain","optional":true},"setpass":{"type":"string","description_kind":"plain","optional":true},"user":{"type":"number","description_kind":"plain","optional":true}},"description_kind":"plain"},"max_items":1}},"description_kind":"plain"},"max_items":1},"ipmi_service":{"nesting_mode":"list","block":{"attributes":{"disable":{"type":"number","description_kind":"plain","optional":true},"uuid":{"type":"string","description_kind":"plain","optional":true}},"description_kind":"plain"},"max_items":1},"ipsec":{"nesting_mode":"list","block":{"attributes":{"crypto_core":{"type":"number","description_kind":"plain","optional":true},"crypto_mem":{"type":"number","description_kind":"plain","optional":true},"packet_round_robin":{"type":"number","description_kind":"plain","optional":true},"uuid":{"type":"string","description_kind":"plain","optional":true}},"block_types":{"fpga_decrypt":{"nesting_mode":"list","block":{"attributes":{"action":{"type":"string","description_kind":"plain","optional":true}},"description_kind":"plain"},"max_items":1}},"description_kind":"plain"},"max_items":1},"link_capability":{"nesting_mode":"list","block":{"attributes":{"enable":{"type":"number","description_kind":"plain","optional":true},"uuid":{"type":"string","description_kind":"plain","optional":true}},"description_kind":"plain"},"max_items":1},"link_monitor":{"nesting_mode":"list","block":{"attributes":{"disable":{"type":"number","description_kind":"plain","optional":true},"enable":{"type":"number","description_kind":"plain","optional":true}},"description_kind":"plain"},"max_items":1},"memory":{"nesting_mode":"list","block":{"attributes":{"uuid":{"type":"string","description_kind":"plain","optional":true}},"block_types":{"sampling_enable":{"nesting_mode":"list","block":{"attributes":{"counters1":{"type":"string","description_kind":"plain","optional":true}},"description_kind":"plain"}}},"description_kind":"plain"},"max_items":1},"mgmt_port":{"nesting_mode":"list","block":{"attributes":{"mac_address":{"type":"string","description_kind":"plain","optional":true},"pci_address":{"type":"string","description_kind":"plain","optional":true},"port_index":{"type":"number","description_kind":"plain","optional":true}},"description_kind":"plain"},"max_items":1},"modify_port":{"nesting_mode":"list","block":{"attributes":{"port_index":{"type":"number","description_kind":"plain","optional":true},"port_number":{"type":"number","description_kind":"plain","optional":true}},"description_kind":"plain"},"max_items":1},"mon_template":{"nesting_mode":"list","block":{"block_types":{"link_block_as_down":{"nesting_mode":"list","block":{"attributes":{"enable":{"type":"number","description_kind":"plain","optional":true},"uuid":{"type":"string","description_kind":"plain","optional":true}},"description_kind":"plain"},"max_items":1},"monitor_list":{"nesting_mode":"list","block":{"attributes":{"id":{"type":"number","description_kind":"plain","optional":true},"monitor_relation":{"type":"string","description_kind":"plain","optional":true},"user_tag":{"type":"string","description_kind":"plain","optional":true},"uuid":{"type":"string","description_kind":"plain","optional":true}},"block_types":{"clear_cfg":{"nesting_mode":"list","block":{"attributes":{"clear_all_sequence":{"type":"number","description_kind":"plain","optional":true},"clear_sequence":{"type":"number","description_kind":"plain","optional":true},"sessions":{"type":"string","description_kind":"plain","optional":true}},"description_kind":"plain"}},"link_disable_cfg":{"nesting_mode":"list","block":{"attributes":{"dis_sequence":{"type":"number","description_kind":"plain","optional":true},"diseth":{"type":"number","description_kind":"plain","optional":true}},"description_kind":"plain"}},"link_down_cfg":{"nesting_mode":"list","block":{"attributes":{"link_down_sequence1":{"type":"number","description_kind":"plain","optional":true},"link_down_sequence2":{"type":"number","description_kind":"plain","optional":true},"link_down_sequence3":{"type":"number","description_kind":"plain","optional":true},"linkdown_ethernet1":{"type":"number","description_kind":"plain","optional":true},"linkdown_ethernet2":{"type":"number","description_kind":"plain","optional":true},"linkdown_ethernet3":{"type":"number","description_kind":"plain","optional":true}},"description_kind":"plain"}},"link_enable_cfg":{"nesting_mode":"list","block":{"attributes":{"ena_sequence":{"type":"number","description_kind":"plain","optional":true},"enaeth":{"type":"number","description_kind":"plain","optional":true}},"description_kind":"plain"}},"link_up_cfg":{"nesting_mode":"list","block":{"attributes":{"link_up_sequence1":{"type":"number","description_kind":"plain","optional":true},"link_up_sequence2":{"type":"number","description_kind":"plain","optional":true},"link_up_sequence3":{"type":"number","description_kind":"plain","optional":true},"linkup_ethernet1":{"type":"number","description_kind":"plain","optional":true},"linkup_ethernet2":{"type":"number","description_kind":"plain","optional":true},"linkup_ethernet3":{"type":"number","description_kind":"plain","optional":true}},"description_kind":"plain"}}},"description_kind":"plain"}}},"description_kind":"plain"},"max_items":1},"multi_queue_support":{"nesting_mode":"list","block":{"attributes":{"enable":{"type":"number","description_kind":"plain","optional":true}},"description_kind":"plain"},"max_items":1},"ndisc_ra":{"nesting_mode":"list","block":{"attributes":{"uuid":{"type":"string","description_kind":"plain","optional":true}},"block_types":{"sampling_enable":{"nesting_mode":"list","block":{"attributes":{"counters1":{"type":"string","description_kind":"plain","optional":true}},"description_kind":"plain"}}},"description_kind":"plain"},"max_items":1},"password_policy":{"nesting_mode":"list","block":{"attributes":{"aging":{"type":"string","description_kind":"plain","optional":true},"complexity":{"type":"string","description_kind":"plain","optional":true},"history":{"type":"string","description_kind":"plain","optional":true},"min_pswd_len":{"type":"number","description_kind":"plain","optional":true},"uuid":{"type":"string","description_kind":"plain","optional":true}},"description_kind":"plain"},"max_items":1},"per_vlan_limit":{"nesting_mode":"list","block":{"attributes":{"bcast":{"type":"number","description_kind":"plain","optional":true},"ipmcast":{"type":"number","description_kind":"plain","optional":true},"mcast":{"type":"number","description_kind":"plain","optional":true},"unknown_ucast":{"type":"number","description_kind":"plain","optional":true},"uuid":{"type":"string","description_kind":"plain","optional":true}},"description_kind":"plain"},"max_items":1},"platformtype":{"nesting_mode":"list","block":{"attributes":{"uuid":{"type":"string","description_kind":"plain","optional":true}},"description_kind":"plain"},"max_items":1},"port_info":{"nesting_mode":"list","block":{"attributes":{"uuid":{"type":"string","description_kind":"plain","optional":true}},"description_kind":"plain"},"max_items":1},"port_list":{"nesting_mode":"list","block":{"attributes":{"uuid":{"type":"string","description_kind":"plain","optional":true}},"description_kind":"plain"},"max_items":1},"ports":{"nesting_mode":"list","block":{"attributes":{"link_detection_interval":{"type":"number","description_kind":"plain","optional":true},"uuid":{"type":"string","description_kind":"plain","optional":true}},"description_kind":"plain"},"max_items":1},"psu_info":{"nesting_mode":"list","block":{"attributes":{"uuid":{"type":"string","description_kind":"plain","optional":true}},"description_kind":"plain"},"max_items":1},"queuing_buffer":{"nesting_mode":"list","block":{"attributes":{"enable":{"type":"number","description_kind":"plain","optional":true},"uuid":{"type":"string","description_kind":"plain","optional":true}},"description_kind":"plain"},"max_items":1},"radius":{"nesting_mode":"list","block":{"block_types":{"server":{"nesting_mode":"list","block":{"attributes":{"accounting_interim_update":{"type":"string","description_kind":"plain","optional":true},"accounting_on":{"type":"string","description_kind":"plain","optional":true},"accounting_start":{"type":"string","description_kind":"plain","optional":true},"accounting_stop":{"type":"string","description_kind":"plain","optional":true},"attribute_name":{"type":"string","description_kind":"plain","optional":true},"disable_reply":{"type":"number","description_kind":"plain","optional":true},"listen_port":{"type":"number","description_kind":"plain","optional":true},"secret":{"type":"number","description_kind":"plain","optional":true},"secret_string":{"type":"string","description_kind":"plain","optional":true},"uuid":{"type":"string","description_kind":"plain","optional":true},"vrid":{"type":"number","description_kind":"plain","optional":true}},"block_types":{"attribute":{"nesting_mode":"list","block":{"attributes":{"attribute_value":{"type":"string","description_kind":"plain","optional":true},"custom_number":{"type":"number","description_kind":"plain","optional":true},"custom_vendor":{"type":"number","description_kind":"plain","optional":true},"name":{"type":"string","description_kind":"plain","optional":true},"number":{"type":"number","description_kind":"plain","optional":true},"prefix_length":{"type":"string","description_kind":"plain","optional":true},"prefix_number":{"type":"number","description_kind":"plain","optional":true},"prefix_vendor":{"type":"number","description_kind":"plain","optional":true},"value":{"type":"string","description_kind":"plain","optional":true},"vendor":{"type":"number","description_kind":"plain","optional":true}},"description_kind":"plain"}},"remote":{"nesting_mode":"list","block":{"block_types":{"ip_list":{"nesting_mode":"list","block":{"attributes":{"ip_list_name":{"type":"string","description_kind":"plain","optional":true},"ip_list_secret":{"type":"number","description_kind":"plain","optional":true},"ip_list_secret_string":{"type":"string","description_kind":"plain","optional":true}},"description_kind":"plain"}}},"description_kind":"plain"},"max_items":1},"sampling_enable":{"nesting_mode":"list","block":{"attributes":{"counters1":{"type":"string","description_kind":"plain","optional":true}},"description_kind":"plain"}}},"description_kind":"plain"},"max_items":1}},"description_kind":"plain"},"max_items":1},"reboot":{"nesting_mode":"list","block":{"attributes":{"uuid":{"type":"string","description_kind":"plain","optional":true}},"description_kind":"plain"},"max_items":1},"resource_accounting":{"nesting_mode":"list","block":{"attributes":{"uuid":{"type":"string","description_kind":"plain","optional":true}},"block_types":{"template_list":{"nesting_mode":"list","block":{"attributes":{"name":{"type":"string","description_kind":"plain","optional":true},"user_tag":{"type":"string","description_kind":"plain","optional":true},"uuid":{"type":"string","description_kind":"plain","optional":true}},"block_types":{"app_resources":{"nesting_mode":"list","block":{"attributes":{"threshold":{"type":"number","description_kind":"plain","optional":true},"uuid":{"type":"string","description_kind":"plain","optional":true}},"block_types":{"cache_template_cfg":{"nesting_mode":"list","block":{"attributes":{"cache_template_max":{"type":"number","description_kind":"plain","optional":true},"cache_template_min_guarantee":{"type":"number","description_kind":"plain","optional":true}},"description_kind":"plain"},"max_items":1},"client_ssl_template_cfg":{"nesting_mode":"list","block":{"attributes":{"client_ssl_template_max":{"type":"number","description_kind":"plain","optional":true},"client_ssl_template_min_guarantee":{"type":"number","description_kind":"plain","optional":true}},"description_kind":"plain"},"max_items":1},"conn_reuse_template_cfg":{"nesting_mode":"list","block":{"attributes":{"conn_reuse_template_max":{"type":"number","description_kind":"plain","optional":true},"conn_reuse_template_min_guarantee":{"type":"number","description_kind":"plain","optional":true}},"description_kind":"plain"},"max_items":1},"fast_tcp_template_cfg":{"nesting_mode":"list","block":{"attributes":{"fast_tcp_template_max":{"type":"number","description_kind":"plain","optional":true},"fast_tcp_template_min_guarantee":{"type":"number","description_kind":"plain","optional":true}},"description_kind":"plain"},"max_items":1},"fast_udp_template_cfg":{"nesting_mode":"list","block":{"attributes":{"fast_udp_template_max":{"type":"number","description_kind":"plain","optional":true},"fast_udp_template_min_guarantee":{"type":"number","description_kind":"plain","optional":true}},"description_kind":"plain"},"max_items":1},"fix_template_cfg":{"nesting_mode":"list","block":{"attributes":{"fix_template_max":{"type":"number","description_kind":"plain","optional":true},"fix_template_min_guarantee":{"type":"number","description_kind":"plain","optional":true}},"description_kind":"plain"},"max_items":1},"gslb_device_cfg":{"nesting_mode":"list","block":{"attributes":{"gslb_device_max":{"type":"number","description_kind":"plain","optional":true},"gslb_device_min_guarantee":{"type":"number","description_kind":"plain","optional":true}},"description_kind":"plain"},"max_items":1},"gslb_geo_location_cfg":{"nesting_mode":"list","block":{"attributes":{"gslb_geo_location_max":{"type":"number","description_kind":"plain","optional":true},"gslb_geo_location_min_guarantee":{"type":"number","description_kind":"plain","optional":true}},"description_kind":"plain"},"max_items":1},"gslb_ip_list_cfg":{"nesting_mode":"list","block":{"attributes":{"gslb_ip_list_max":{"type":"number","description_kind":"plain","optional":true},"gslb_ip_list_min_guarantee":{"type":"number","description_kind":"plain","optional":true}},"description_kind":"plain"},"max_items":1},"gslb_policy_cfg":{"nesting_mode":"list","block":{"attributes":{"gslb_policy_max":{"type":"number","description_kind":"plain","optional":true},"gslb_policy_min_guarantee":{"type":"number","description_kind":"plain","optional":true}},"description_kind":"plain"},"max_items":1},"gslb_service_cfg":{"nesting_mode":"list","block":{"attributes":{"gslb_service_max":{"type":"number","description_kind":"plain","optional":true},"gslb_service_min_guarantee":{"type":"number","description_kind":"plain","optional":true}},"description_kind":"plain"},"max_items":1},"gslb_service_ip_cfg":{"nesting_mode":"list","block":{"attributes":{"gslb_service_ip_max":{"type":"number","description_kind":"plain","optional":true},"gslb_service_ip_min_guarantee":{"type":"number","description_kind":"plain","optional":true}},"description_kind":"plain"},"max_items":1},"gslb_service_port_cfg":{"nesting_mode":"list","block":{"attributes":{"gslb_service_port_max":{"type":"number","description_kind":"plain","optional":true},"gslb_service_port_min_guarantee":{"type":"number","description_kind":"plain","optional":true}},"description_kind":"plain"},"max_items":1},"gslb_site_cfg":{"nesting_mode":"list","block":{"attributes":{"gslb_site_max":{"type":"number","description_kind":"plain","optional":true},"gslb_site_min_guarantee":{"type":"number","description_kind":"plain","optional":true}},"description_kind":"plain"},"max_items":1},"gslb_svc_group_cfg":{"nesting_mode":"list","block":{"attributes":{"gslb_svc_group_max":{"type":"number","description_kind":"plain","optional":true},"gslb_svc_group_min_guarantee":{"type":"number","description_kind":"plain","optional":true}},"description_kind":"plain"},"max_items":1},"gslb_template_cfg":{"nesting_mode":"list","block":{"attributes":{"gslb_template_max":{"type":"number","description_kind":"plain","optional":true},"gslb_template_min_guarantee":{"type":"number","description_kind":"plain","optional":true}},"description_kind":"plain"},"max_items":1},"gslb_zone_cfg":{"nesting_mode":"list","block":{"attributes":{"gslb_zone_max":{"type":"number","description_kind":"plain","optional":true},"gslb_zone_min_guarantee":{"type":"number","description_kind":"plain","optional":true}},"description_kind":"plain"},"max_items":1},"health_monitor_cfg":{"nesting_mode":"list","block":{"attributes":{"health_monitor_max":{"type":"number","description_kind":"plain","optional":true},"health_monitor_min_guarantee":{"type":"number","description_kind":"plain","optional":true}},"description_kind":"plain"},"max_items":1},"http_template_cfg":{"nesting_mode":"list","block":{"attributes":{"http_template_max":{"type":"number","description_kind":"plain","optional":true},"http_template_min_guarantee":{"type":"number","description_kind":"plain","optional":true}},"description_kind":"plain"},"max_items":1},"link_cost_template_cfg":{"nesting_mode":"list","block":{"attributes":{"link_cost_template_max":{"type":"number","description_kind":"plain","optional":true},"link_cost_template_min_guarantee":{"type":"number","description_kind":"plain","optional":true}},"description_kind":"plain"},"max_items":1},"persist_cookie_template_cfg":{"nesting_mode":"list","block":{"attributes":{"persist_cookie_template_max":{"type":"number","description_kind":"plain","optional":true},"persist_cookie_template_min_guarantee":{"type":"number","description_kind":"plain","optional":true}},"description_kind":"plain"},"max_items":1},"persist_srcip_template_cfg":{"nesting_mode":"list","block":{"attributes":{"persist_srcip_template_max":{"type":"number","description_kind":"plain","optional":true},"persist_srcip_template_min_guarantee":{"type":"number","description_kind":"plain","optional":true}},"description_kind":"plain"},"max_items":1},"proxy_template_cfg":{"nesting_mode":"list","block":{"attributes":{"proxy_template_max":{"type":"number","description_kind":"plain","optional":true},"proxy_template_min_guarantee":{"type":"number","description_kind":"plain","optional":true}},"description_kind":"plain"},"max_items":1},"real_port_cfg":{"nesting_mode":"list","block":{"attributes":{"real_port_max":{"type":"number","description_kind":"plain","optional":true},"real_port_min_guarantee":{"type":"number","description_kind":"plain","optional":true}},"description_kind":"plain"},"max_items":1},"real_server_cfg":{"nesting_mode":"list","block":{"attributes":{"real_server_max":{"type":"number","description_kind":"plain","optional":true},"real_server_min_guarantee":{"type":"number","description_kind":"plain","optional":true}},"description_kind":"plain"},"max_items":1},"server_ssl_template_cfg":{"nesting_mode":"list","block":{"attributes":{"server_ssl_template_max":{"type":"number","description_kind":"plain","optional":true},"server_ssl_template_min_guarantee":{"type":"number","description_kind":"plain","optional":true}},"description_kind":"plain"},"max_items":1},"service_group_cfg":{"nesting_mode":"list","block":{"attributes":{"service_group_max":{"type":"number","description_kind":"plain","optional":true},"service_group_min_guarantee":{"type":"number","description_kind":"plain","optional":true}},"description_kind":"plain"},"max_items":1},"stream_template_cfg":{"nesting_mode":"list","block":{"attributes":{"stream_template_max":{"type":"number","description_kind":"plain","optional":true},"stream_template_min_guarantee":{"type":"number","description_kind":"plain","optional":true}},"description_kind":"plain"},"max_items":1},"virtual_port_cfg":{"nesting_mode":"list","block":{"attributes":{"virtual_port_max":{"type":"number","description_kind":"plain","optional":true},"virtual_port_min_guarantee":{"type":"number","description_kind":"plain","optional":true}},"description_kind":"plain"},"max_items":1},"virtual_server_cfg":{"nesting_mode":"list","block":{"attributes":{"virtual_server_max":{"type":"number","description_kind":"plain","optional":true},"virtual_server_min_guarantee":{"type":"number","description_kind":"plain","optional":true}},"description_kind":"plain"},"max_items":1}},"description_kind":"plain"},"max_items":1},"network_resources":{"nesting_mode":"list","block":{"attributes":{"threshold":{"type":"number","description_kind":"plain","optional":true},"uuid":{"type":"string","description_kind":"plain","optional":true}},"block_types":{"ipv4_acl_line_cfg":{"nesting_mode":"list","block":{"attributes":{"ipv4_acl_line_max":{"type":"number","description_kind":"plain","optional":true},"ipv4_acl_line_min_guarantee":{"type":"number","description_kind":"plain","optional":true}},"description_kind":"plain"},"max_items":1},"ipv6_acl_line_cfg":{"nesting_mode":"list","block":{"attributes":{"ipv6_acl_line_max":{"type":"number","description_kind":"plain","optional":true},"ipv6_acl_line_min_guarantee":{"type":"number","description_kind":"plain","optional":true}},"description_kind":"plain"},"max_items":1},"object_group_cfg":{"nesting_mode":"list","block":{"attributes":{"object_group_max":{"type":"number","description_kind":"plain","optional":true},"object_group_min_guarantee":{"type":"number","description_kind":"plain","optional":true}},"description_kind":"plain"},"max_items":1},"object_group_clause_cfg":{"nesting_mode":"list","block":{"attributes":{"object_group_clause_max":{"type":"number","description_kind":"plain","optional":true},"object_group_clause_min_guarantee":{"type":"number","description_kind":"plain","optional":true}},"description_kind":"plain"},"max_items":1},"static_arp_cfg":{"nesting_mode":"list","block":{"attributes":{"static_arp_max":{"type":"number","description_kind":"plain","optional":true},"static_arp_min_guarantee":{"type":"number","description_kind":"plain","optional":true}},"description_kind":"plain"},"max_items":1},"static_ipv4_route_cfg":{"nesting_mode":"list","block":{"attributes":{"static_ipv4_route_max":{"type":"number","description_kind":"plain","optional":true},"static_ipv4_route_min_guarantee":{"type":"number","description_kind":"plain","optional":true}},"description_kind":"plain"},"max_items":1},"static_ipv6_route_cfg":{"nesting_mode":"list","block":{"attributes":{"static_ipv6_route_max":{"type":"number","description_kind":"plain","optional":true},"static_ipv6_route_min_guarantee":{"type":"number","description_kind":"plain","optional":true}},"description_kind":"plain"},"max_items":1},"static_mac_cfg":{"nesting_mode":"list","block":{"attributes":{"static_mac_max":{"type":"number","description_kind":"plain","optional":true},"static_mac_min_guarantee":{"type":"number","description_kind":"plain","optional":true}},"description_kind":"plain"},"max_items":1},"static_neighbor_cfg":{"nesting_mode":"list","block":{"attributes":{"static_neighbor_max":{"type":"number","description_kind":"plain","optional":true},"static_neighbor_min_guarantee":{"type":"number","description_kind":"plain","optional":true}},"description_kind":"plain"},"max_items":1}},"description_kind":"plain"},"max_items":1},"system_resources":{"nesting_mode":"list","block":{"attributes":{"threshold":{"type":"number","description_kind":"plain","optional":true},"uuid":{"type":"string","description_kind":"plain","optional":true}},"block_types":{"bw_limit_cfg":{"nesting_mode":"list","block":{"attributes":{"bw_limit_max":{"type":"number","description_kind":"plain","optional":true},"bw_limit_watermark_disable":{"type":"number","description_kind":"plain","optional":true}},"description_kind":"plain"},"max_items":1},"concurrent_session_limit_cfg":{"nesting_mode":"list","block":{"attributes":{"concurrent_session_limit_max":{"type":"number","description_kind":"plain","optional":true}},"description_kind":"plain"},"max_items":1},"fwcps_limit_cfg":{"nesting_mode":"list","block":{"attributes":{"fwcps_limit_max":{"type":"number","description_kind":"plain","optional":true}},"description_kind":"plain"},"max_items":1},"l4_session_limit_cfg":{"nesting_mode":"list","block":{"attributes":{"l4_session_limit_max":{"type":"string","description_kind":"plain","optional":true},"l4_session_limit_min_guarantee":{"type":"string","description_kind":"plain","optional":true}},"description_kind":"plain"},"max_items":1},"l4cps_limit_cfg":{"nesting_mode":"list","block":{"attributes":{"l4cps_limit_max":{"type":"number","description_kind":"plain","optional":true}},"description_kind":"plain"},"max_items":1},"l7cps_limit_cfg":{"nesting_mode":"list","block":{"attributes":{"l7cps_limit_max":{"type":"number","description_kind":"plain","optional":true}},"description_kind":"plain"},"max_items":1},"natcps_limit_cfg":{"nesting_mode":"list","block":{"attributes":{"natcps_limit_max":{"type":"number","description_kind":"plain","optional":true}},"description_kind":"plain"},"max_items":1},"ssl_throughput_limit_cfg":{"nesting_mode":"list","block":{"attributes":{"ssl_throughput_limit_max":{"type":"number","description_kind":"plain","optional":true},"ssl_throughput_limit_watermark_disable":{"type":"number","description_kind":"plain","optional":true}},"description_kind":"plain"},"max_items":1},"sslcps_limit_cfg":{"nesting_mode":"list","block":{"attributes":{"sslcps_limit_max":{"type":"number","description_kind":"plain","optional":true}},"description_kind":"plain"},"max_items":1}},"description_kind":"plain"},"max_items":1}},"description_kind":"plain"}}},"description_kind":"plain"},"max_items":1},"resource_usage":{"nesting_mode":"list","block":{"attributes":{"aflex_table_entry_count":{"type":"number","description_kind":"plain","optional":true},"auth_portal_html_file_size":{"type":"number","description_kind":"plain","optional":true},"auth_portal_image_file_size":{"type":"number","description_kind":"plain","optional":true},"authz_policy_number":{"type":"number","description_kind":"plain","optional":true},"class_list_ac_entry_count":{"type":"number","description_kind":"plain","optional":true},"class_list_ipv6_addr_count":{"type":"number","description_kind":"plain","optional":true},"ipsec_sa_number":{"type":"number","description_kind":"plain","optional":true},"l4_session_count":{"type":"number","description_kind":"plain","optional":true},"max_aflex_authz_collection_number":{"type":"number","description_kind":"plain","optional":true},"max_aflex_file_size":{"type":"number","description_kind":"plain","optional":true},"nat_pool_addr_count":{"type":"number","description_kind":"plain","optional":true},"radius_table_size":{"type":"number","description_kind":"plain","optional":true},"ram_cache_memory_limit":{"type":"number","description_kind":"plain","optional":true},"ssl_context_memory":{"type":"number","description_kind":"plain","optional":true},"ssl_dma_memory":{"type":"number","description_kind":"plain","optional":true},"uuid":{"type":"string","description_kind":"plain","optional":true}},"block_types":{"visibility":{"nesting_mode":"list","block":{"attributes":{"monitored_entity_count":{"type":"number","description_kind":"plain","optional":true},"uuid":{"type":"string","description_kind":"plain","optional":true}},"description_kind":"plain"},"max_items":1}},"description_kind":"plain"},"max_items":1},"session":{"nesting_mode":"list","block":{"attributes":{"uuid":{"type":"string","description_kind":"plain","optional":true}},"block_types":{"sampling_enable":{"nesting_mode":"list","block":{"attributes":{"counters1":{"type":"string","description_kind":"plain","optional":true}},"description_kind":"plain"}}},"description_kind":"plain"},"max_items":1},"session_reclaim_limit":{"nesting_mode":"list","block":{"attributes":{"nscan_limit":{"type":"number","description_kind":"plain","optional":true},"scan_freq":{"type":"number","description_kind":"plain","optional":true},"uuid":{"type":"string","description_kind":"plain","optional":true}},"description_kind":"plain"},"max_items":1},"set_rxtx_desc_size":{"nesting_mode":"list","block":{"attributes":{"port_index":{"type":"number","description_kind":"plain","optional":true},"rxd_size":{"type":"number","description_kind":"plain","optional":true},"txd_size":{"type":"number","description_kind":"plain","optional":true}},"description_kind":"plain"},"max_items":1},"set_rxtx_queue":{"nesting_mode":"list","block":{"attributes":{"port_index":{"type":"number","description_kind":"plain","optional":true},"rxq_size":{"type":"number","description_kind":"plain","optional":true},"txq_size":{"type":"number","description_kind":"plain","optional":true}},"description_kind":"plain"},"max_items":1},"shared_poll_mode":{"nesting_mode":"list","block":{"attributes":{"disable":{"type":"number","description_kind":"plain","optional":true},"enable":{"type":"number","description_kind":"plain","optional":true}},"description_kind":"plain"},"max_items":1},"shell_privileges":{"nesting_mode":"list","block":{"attributes":{"uuid":{"type":"string","description_kind":"plain","optional":true}},"description_kind":"plain"},"max_items":1},"shutdown":{"nesting_mode":"list","block":{"attributes":{"uuid":{"type":"string","description_kind":"plain","optional":true}},"description_kind":"plain"},"max_items":1},"spe_profile":{"nesting_mode":"list","block":{"attributes":{"action":{"type":"string","description_kind":"plain","optional":true}},"description_kind":"plain"},"max_items":1},"spe_status":{"nesting_mode":"list","block":{"attributes":{"uuid":{"type":"string","description_kind":"plain","optional":true}},"description_kind":"plain"},"max_items":1},"ssl_req_q":{"nesting_mode":"list","block":{"attributes":{"uuid":{"type":"string","description_kind":"plain","optional":true}},"block_types":{"sampling_enable":{"nesting_mode":"list","block":{"attributes":{"counters1":{"type":"string","description_kind":"plain","optional":true}},"description_kind":"plain"}}},"description_kind":"plain"},"max_items":1},"ssl_scv":{"nesting_mode":"list","block":{"attributes":{"enable":{"type":"number","description_kind":"plain","optional":true},"uuid":{"type":"string","description_kind":"plain","optional":true}},"description_kind":"plain"},"max_items":1},"ssl_status":{"nesting_mode":"list","block":{"attributes":{"uuid":{"type":"string","description_kind":"plain","optional":true}},"description_kind":"plain"},"max_items":1},"syslog_time_msec":{"nesting_mode":"list","block":{"attributes":{"enable_flag":{"type":"number","description_kind":"plain","optional":true}},"description_kind":"plain"},"max_items":1},"tcp":{"nesting_mode":"list","block":{"attributes":{"uuid":{"type":"string","description_kind":"plain","optional":true}},"block_types":{"rate_limit_reset_unknown_conn":{"nesting_mode":"list","block":{"attributes":{"log_for_reset_unknown_conn":{"type":"number","description_kind":"plain","optional":true},"pkt_rate_for_reset_unknown_conn":{"type":"number","description_kind":"plain","optional":true},"uuid":{"type":"string","description_kind":"plain","optional":true}},"description_kind":"plain"},"max_items":1},"sampling_enable":{"nesting_mode":"list","block":{"attributes":{"counters1":{"type":"string","description_kind":"plain","optional":true}},"description_kind":"plain"}}},"description_kind":"plain"},"max_items":1},"tcp_stats":{"nesting_mode":"list","block":{"attributes":{"uuid":{"type":"string","description_kind":"plain","optional":true}},"block_types":{"sampling_enable":{"nesting_mode":"list","block":{"attributes":{"counters1":{"type":"string","description_kind":"plain","optional":true}},"description_kind":"plain"}}},"description_kind":"plain"},"max_items":1},"telemetry_log":{"nesting_mode":"list","block":{"block_types":{"device_status":{"nesting_mode":"list","block":{"attributes":{"uuid":{"type":"string","description_kind":"plain","optional":true}},"description_kind":"plain"},"max_items":1},"environment":{"nesting_mode":"list","block":{"attributes":{"uuid":{"type":"string","description_kind":"plain","optional":true}},"description_kind":"plain"},"max_items":1},"partition_metrics":{"nesting_mode":"list","block":{"attributes":{"uuid":{"type":"string","description_kind":"plain","optional":true}},"description_kind":"plain"},"max_items":1},"top_k_app_svc_list":{"nesting_mode":"list","block":{"attributes":{"uuid":{"type":"string","description_kind":"plain","optional":true}},"description_kind":"plain"},"max_items":1},"top_k_source_list":{"nesting_mode":"list","block":{"attributes":{"uuid":{"type":"string","description_kind":"plain","optional":true}},"description_kind":"plain"},"max_items":1}},"description_kind":"plain"},"max_items":1},"template":{"nesting_mode":"list","block":{"attributes":{"template_policy":{"type":"string","description_kind":"plain","optional":true},"uuid":{"type":"string","description_kind":"plain","optional":true}},"description_kind":"plain"},"max_items":1},"template_bind":{"nesting_mode":"list","block":{"block_types":{"monitor_list":{"nesting_mode":"list","block":{"attributes":{"id":{"type":"number","description_kind":"plain","optional":true},"monitor_relation":{"type":"string","description_kind":"plain","optional":true},"user_tag":{"type":"string","description_kind":"plain","optional":true},"uuid":{"type":"string","description_kind":"plain","optional":true}},"block_types":{"clear_cfg":{"nesting_mode":"list","block":{"attributes":{"clear_all_sequence":{"type":"number","description_kind":"plain","optional":true},"clear_sequence":{"type":"number","description_kind":"plain","optional":true},"sessions":{"type":"string","description_kind":"plain","optional":true}},"description_kind":"plain"}},"link_disable_cfg":{"nesting_mode":"list","block":{"attributes":{"dis_sequence":{"type":"number","description_kind":"plain","optional":true},"diseth":{"type":"number","description_kind":"plain","optional":true}},"description_kind":"plain"}},"link_down_cfg":{"nesting_mode":"list","block":{"attributes":{"link_down_sequence1":{"type":"number","description_kind":"plain","optional":true},"link_down_sequence2":{"type":"number","description_kind":"plain","optional":true},"link_down_sequence3":{"type":"number","description_kind":"plain","optional":true},"linkdown_ethernet1":{"type":"number","description_kind":"plain","optional":true},"linkdown_ethernet2":{"type":"number","description_kind":"plain","optional":true},"linkdown_ethernet3":{"type":"number","description_kind":"plain","optional":true}},"description_kind":"plain"}},"link_enable_cfg":{"nesting_mode":"list","block":{"attributes":{"ena_sequence":{"type":"number","description_kind":"plain","optional":true},"enaeth":{"type":"number","description_kind":"plain","optional":true}},"description_kind":"plain"}},"link_up_cfg":{"nesting_mode":"list","block":{"attributes":{"link_up_sequence1":{"type":"number","description_kind":"plain","optional":true},"link_up_sequence2":{"type":"number","description_kind":"plain","optional":true},"link_up_sequence3":{"type":"number","description_kind":"plain","optional":true},"linkup_ethernet1":{"type":"number","description_kind":"plain","optional":true},"linkup_ethernet2":{"type":"number","description_kind":"plain","optional":true},"linkup_ethernet3":{"type":"number","description_kind":"plain","optional":true}},"description_kind":"plain"}}},"description_kind":"plain"}}},"description_kind":"plain"},"max_items":1},"throughput":{"nesting_mode":"list","block":{"attributes":{"uuid":{"type":"string","description_kind":"plain","optional":true}},"block_types":{"sampling_enable":{"nesting_mode":"list","block":{"attributes":{"counters1":{"type":"string","description_kind":"plain","optional":true}},"description_kind":"plain"}}},"description_kind":"plain"},"max_items":1},"timeout_value":{"nesting_mode":"list","block":{"attributes":{"ftp":{"type":"number","description_kind":"plain","optional":true},"http":{"type":"number","description_kind":"plain","optional":true},"https":{"type":"number","description_kind":"plain","optional":true},"scp":{"type":"number","description_kind":"plain","optional":true},"sftp":{"type":"number","description_kind":"plain","optional":true},"tftp":{"type":"number","description_kind":"plain","optional":true},"uuid":{"type":"string","description_kind":"plain","optional":true}},"description_kind":"plain"},"max_items":1},"tls_1_3_mgmt":{"nesting_mode":"list","block":{"attributes":{"enable":{"type":"number","description_kind":"plain","optional":true}},"description_kind":"plain"},"max_items":1},"trunk":{"nesting_mode":"list","block":{"block_types":{"load_balance":{"nesting_mode":"list","block":{"attributes":{"use_l3":{"type":"number","description_kind":"plain","optional":true},"use_l4":{"type":"number","description_kind":"plain","optional":true},"uuid":{"type":"string","description_kind":"plain","optional":true}},"description_kind":"plain"},"max_items":1}},"description_kind":"plain"},"max_items":1},"trunk_hw_hash":{"nesting_mode":"list","block":{"attributes":{"mode":{"type":"number","description_kind":"plain","optional":true},"uuid":{"type":"string","description_kind":"plain","optional":true}},"description_kind":"plain"},"max_items":1},"trunk_xaui_hw_hash":{"nesting_mode":"list","block":{"attributes":{"mode":{"type":"number","description_kind":"plain","optional":true},"uuid":{"type":"string","description_kind":"plain","optional":true}},"description_kind":"plain"},"max_items":1},"upgrade_status":{"nesting_mode":"list","block":{"attributes":{"uuid":{"type":"string","description_kind":"plain","optional":true}},"description_kind":"plain"},"max_items":1},"ve_mac_scheme":{"nesting_mode":"list","block":{"attributes":{"uuid":{"type":"string","description_kind":"plain","optional":true},"ve_mac_scheme_val":{"type":"string","description_kind":"plain","optional":true}},"description_kind":"plain"},"max_items":1}},"description_kind":"plain"}},"thunder_system_ve_mac_scheme":{"version":0,"block":{"attributes":{"id":{"type":"string","description_kind":"plain","optional":true,"computed":true},"uuid":{"type":"string","description_kind":"plain","optional":true},"ve_mac_scheme_val":{"type":"string","description_kind":"plain","optional":true}},"description_kind":"plain"}},"thunder_virtual_server":{"version":0,"block":{"attributes":{"acl_id":{"type":"number","description_kind":"plain","optional":true},"acl_id_shared":{"type":"number","description_kind":"plain","optional":true},"acl_name":{"type":"string","description_kind":"plain","optional":true},"acl_name_shared":{"type":"string","description_kind":"plain","optional":true},"arp_disable":{"type":"number","description_kind":"plain","optional":true},"description":{"type":"string","description_kind":"plain","optional":true},"disable_vip_adv":{"type":"number","description_kind":"plain","optional":true},"enable_disable_action":{"type":"string","description_kind":"plain","optional":true},"ethernet":{"type":"number","description_kind":"plain","optional":true},"extended_stats":{"type":"number","description_kind":"plain","optional":true},"ha_dynamic":{"type":"number","description_kind":"plain","optional":true},"id":{"type":"string","description_kind":"plain","optional":true,"computed":true},"ip_address":{"type":"string","description_kind":"plain","optional":true},"ipv6_acl":{"type":"string","description_kind":"plain","optional":true},"ipv6_acl_shared":{"type":"string","description_kind":"plain","optional":true},"ipv6_address":{"type":"string","description_kind":"plain","optional":true},"name":{"type":"string","description_kind":"plain","optional":true},"netmask":{"type":"string","description_kind":"plain","optional":true},"redistribute_route_map":{"type":"string","description_kind":"plain","optional":true},"redistribution_flagged":{"type":"number","description_kind":"plain","optional":true},"shared_partition_policy_template":{"type":"number","description_kind":"plain","optional":true},"shared_partition_vs_template":{"type":"number","description_kind":"plain","optional":true},"stats_data_action":{"type":"string","description_kind":"plain","optional":true},"suppress_internal_loopback":{"type":"number","description_kind":"plain","optional":true},"template_logging":{"type":"string","description_kind":"plain","optional":true},"template_policy":{"type":"string","description_kind":"plain","optional":true},"template_policy_shared":{"type":"string","description_kind":"plain","optional":true},"template_scaleout":{"type":"string","description_kind":"plain","optional":true},"template_virtual_server":{"type":"string","description_kind":"plain","optional":true},"template_virtual_server_shared":{"type":"string","description_kind":"plain","optional":true},"use_if_ip":{"type":"number","description_kind":"plain","optional":true},"user_tag":{"type":"string","description_kind":"plain","optional":true},"uuid":{"type":"string","description_kind":"plain","optional":true},"vport_disable_action":{"type":"string","description_kind":"plain","optional":true},"vrid":{"type":"number","description_kind":"plain","optional":true}},"block_types":{"migrate_vip":{"nesting_mode":"list","block":{"attributes":{"cancel_migration":{"type":"number","description_kind":"plain","optional":true},"finish_migration":{"type":"number","description_kind":"plain","optional":true},"target_data_cpu":{"type":"number","description_kind":"plain","optional":true},"target_floating_ipv4":{"type":"string","description_kind":"plain","optional":true},"target_floating_ipv6":{"type":"string","description_kind":"plain","optional":true},"uuid":{"type":"string","description_kind":"plain","optional":true}},"description_kind":"plain"},"max_items":1},"port_list":{"nesting_mode":"list","block":{"attributes":{"action":{"type":"string","description_kind":"plain","optional":true},"aflex_table_entry_syn_disable":{"type":"number","description_kind":"plain","optional":true},"aflex_table_entry_syn_enable":{"type":"number","description_kind":"plain","optional":true},"alt_protocol1":{"type":"string","description_kind":"plain","optional":true},"alt_protocol2":{"type":"string","description_kind":"plain","optional":true},"alternate_port":{"type":"number","description_kind":"plain","optional":true},"alternate_port_number":{"type":"number","description_kind":"plain","optional":true},"attack_detection":{"type":"number","description_kind":"plain","optional":true},"auto":{"type":"number","description_kind":"plain","optional":true},"clientip_sticky_nat":{"type":"number","description_kind":"plain","optional":true},"conn_limit":{"type":"number","description_kind":"plain","optional":true},"cpu_compute":{"type":"number","description_kind":"plain","optional":true},"def_selection_if_pref_failed":{"type":"string","description_kind":"plain","optional":true},"enable_playerid_check":{"type":"number","description_kind":"plain","optional":true},"enable_scaleout":{"type":"number","description_kind":"plain","optional":true},"eth_fwd":{"type":"number","description_kind":"plain","optional":true},"eth_rev":{"type":"number","description_kind":"plain","optional":true},"expand":{"type":"number","description_kind":"plain","optional":true},"extended_stats":{"type":"number","description_kind":"plain","optional":true},"force_routing_mode":{"type":"number","description_kind":"plain","optional":true},"gslb_enable":{"type":"number","description_kind":"plain","optional":true},"gtp_session_lb":{"type":"number","description_kind":"plain","optional":true},"ha_conn_mirror":{"type":"number","description_kind":"plain","optional":true},"ignore_global":{"type":"number","description_kind":"plain","optional":true},"ip_map_list":{"type":"string","description_kind":"plain","optional":true},"ip_only_lb":{"type":"number","description_kind":"plain","optional":true},"ip_smart_rr":{"type":"number","description_kind":"plain","optional":true},"ipinip":{"type":"number","description_kind":"plain","optional":true},"l7_hardware_assist":{"type":"number","description_kind":"plain","optional":true},"l7_service_chain":{"type":"number","description_kind":"plain","optional":true},"memory_compute":{"type":"number","description_kind":"plain","optional":true},"message_switching":{"type":"number","description_kind":"plain","optional":true},"name":{"type":"string","description_kind":"plain","optional":true},"no_auto_up_on_aflex":{"type":"number","description_kind":"plain","optional":true},"no_dest_nat":{"type":"number","description_kind":"plain","optional":true},"no_logging":{"type":"number","description_kind":"plain","optional":true},"on_syn":{"type":"number","description_kind":"plain","optional":true},"one_server_conn":{"type":"number","description_kind":"plain","optional":true},"optimization_level":{"type":"string","description_kind":"plain","optional":true},"p_template_sip_shared":{"type":"number","description_kind":"plain","optional":true},"packet_capture_template":{"type":"string","description_kind":"plain","optional":true},"persist_type":{"type":"string","description_kind":"plain","optional":true},"pool":{"type":"string","description_kind":"plain","optional":true},"pool_shared":{"type":"string","description_kind":"plain","optional":true},"port_number":{"type":"number","description_kind":"plain","optional":true},"port_translation":{"type":"number","description_kind":"plain","optional":true},"precedence":{"type":"number","description_kind":"plain","optional":true},"protocol":{"type":"string","description_kind":"plain","optional":true},"proxy_layer":{"type":"string","description_kind":"plain","optional":true},"range":{"type":"number","description_kind":"plain","optional":true},"rate":{"type":"number","description_kind":"plain","optional":true},"redirect_to_https":{"type":"number","description_kind":"plain","optional":true},"reply_acme_challenge":{"type":"number","description_kind":"plain","optional":true},"req_fail":{"type":"number","description_kind":"plain","optional":true},"reselection":{"type":"string","description_kind":"plain","optional":true},"reset":{"type":"number","description_kind":"plain","optional":true},"reset_on_server_selection_fail":{"type":"number","description_kind":"plain","optional":true},"resolve_web_cat_list":{"type":"string","description_kind":"plain","optional":true},"rtp_sip_call_id_match":{"type":"number","description_kind":"plain","optional":true},"scaleout_bucket_count":{"type":"number","description_kind":"plain","optional":true},"scaleout_device_group":{"type":"number","description_kind":"plain","optional":true},"secs":{"type":"number","description_kind":"plain","optional":true},"serv_sel_fail":{"type":"number","description_kind":"plain","optional":true},"server_group":{"type":"string","description_kind":"plain","optional":true},"service_group":{"type":"string","description_kind":"plain","optional":true},"shared_partition_cache_template":{"type":"number","description_kind":"plain","optional":true},"shared_partition_client_ssl_template":{"type":"number","description_kind":"plain","optional":true},"shared_partition_connection_reuse_template":{"type":"number","description_kind":"plain","optional":true},"shared_partition_dblb_template":{"type":"number","description_kind":"plain","optional":true},"shared_partition_diameter_template":{"type":"number","description_kind":"plain","optional":true},"shared_partition_dns_template":{"type":"number","description_kind":"plain","optional":true},"shared_partition_doh_template":{"type":"number","description_kind":"plain","optional":true},"shared_partition_dynamic_service_template":{"type":"number","description_kind":"plain","optional":true},"shared_partition_external_service_template":{"type":"number","description_kind":"plain","optional":true},"shared_partition_fix_template":{"type":"number","description_kind":"plain","optional":true},"shared_partition_http_policy_template":{"type":"number","description_kind":"plain","optional":true},"shared_partition_http_template":{"type":"number","description_kind":"plain","optional":true},"shared_partition_imap_pop3_template":{"type":"number","description_kind":"plain","optional":true},"shared_partition_persist_cookie_template":{"type":"number","description_kind":"plain","optional":true},"shared_partition_persist_destination_ip_template":{"type":"number","description_kind":"plain","optional":true},"shared_partition_persist_source_ip_template":{"type":"number","description_kind":"plain","optional":true},"shared_partition_persist_ssl_sid_template":{"type":"number","description_kind":"plain","optional":true},"shared_partition_policy_template":{"type":"number","description_kind":"plain","optional":true},"shared_partition_pool":{"type":"number","description_kind":"plain","optional":true},"shared_partition_server_ssl_template":{"type":"number","description_kind":"plain","optional":true},"shared_partition_smpp_template":{"type":"number","description_kind":"plain","optional":true},"shared_partition_smtp_template":{"type":"number","description_kind":"plain","optional":true},"shared_partition_tcp":{"type":"number","description_kind":"plain","optional":true},"shared_partition_tcp_proxy_template":{"type":"number","description_kind":"plain","optional":true},"shared_partition_udp":{"type":"number","description_kind":"plain","optional":true},"shared_partition_virtual_port_template":{"type":"number","description_kind":"plain","optional":true},"skip_rev_hash":{"type":"number","description_kind":"plain","optional":true},"snat_on_vip":{"type":"number","description_kind":"plain","optional":true},"stats_data_action":{"type":"string","description_kind":"plain","optional":true},"substitute_source_mac":{"type":"number","description_kind":"plain","optional":true},"support_http2":{"type":"number","description_kind":"plain","optional":true},"syn_cookie":{"type":"number","description_kind":"plain","optional":true},"template_cache":{"type":"string","description_kind":"plain","optional":true},"template_cache_shared":{"type":"string","description_kind":"plain","optional":true},"template_client_ssh":{"type":"string","description_kind":"plain","optional":true},"template_client_ssl":{"type":"string","description_kind":"plain","optional":true},"template_client_ssl_shared":{"type":"string","description_kind":"plain","optional":true},"template_connection_reuse":{"type":"string","description_kind":"plain","optional":true},"template_connection_reuse_shared":{"type":"string","description_kind":"plain","optional":true},"template_dblb":{"type":"string","description_kind":"plain","optional":true},"template_dblb_shared":{"type":"string","description_kind":"plain","optional":true},"template_diameter":{"type":"string","description_kind":"plain","optional":true},"template_diameter_shared":{"type":"string","description_kind":"plain","optional":true},"template_dns":{"type":"string","description_kind":"plain","optional":true},"template_dns_shared":{"type":"string","description_kind":"plain","optional":true},"template_doh":{"type":"string","description_kind":"plain","optional":true},"template_doh_shared":{"type":"string","description_kind":"plain","optional":true},"template_dynamic_service":{"type":"string","description_kind":"plain","optional":true},"template_dynamic_service_shared":{"type":"string","description_kind":"plain","optional":true},"template_external_service":{"type":"string","description_kind":"plain","optional":true},"template_external_service_shared":{"type":"string","description_kind":"plain","optional":true},"template_fix":{"type":"string","description_kind":"plain","optional":true},"template_fix_shared":{"type":"string","description_kind":"plain","optional":true},"template_ftp":{"type":"string","description_kind":"plain","optional":true},"template_http":{"type":"string","description_kind":"plain","optional":true},"template_http_policy":{"type":"string","description_kind":"plain","optional":true},"template_http_policy_shared":{"type":"string","description_kind":"plain","optional":true},"template_http_shared":{"type":"string","description_kind":"plain","optional":true},"template_imap_pop3":{"type":"string","description_kind":"plain","optional":true},"template_imap_pop3_shared":{"type":"string","description_kind":"plain","optional":true},"template_mqtt":{"type":"string","description_kind":"plain","optional":true},"template_persist_cookie":{"type":"string","description_kind":"plain","optional":true},"template_persist_cookie_shared":{"type":"string","description_kind":"plain","optional":true},"template_persist_destination_ip":{"type":"string","description_kind":"plain","optional":true},"template_persist_destination_ip_shared":{"type":"string","description_kind":"plain","optional":true},"template_persist_source_ip":{"type":"string","description_kind":"plain","optional":true},"template_persist_source_ip_shared":{"type":"string","description_kind":"plain","optional":true},"template_persist_ssl_sid":{"type":"string","description_kind":"plain","optional":true},"template_persist_ssl_sid_shared":{"type":"string","description_kind":"plain","optional":true},"template_policy":{"type":"string","description_kind":"plain","optional":true},"template_policy_shared":{"type":"string","description_kind":"plain","optional":true},"template_ram_cache":{"type":"string","description_kind":"plain","optional":true},"template_reqmod_icap":{"type":"string","description_kind":"plain","optional":true},"template_respmod_icap":{"type":"string","description_kind":"plain","optional":true},"template_scaleout":{"type":"string","description_kind":"plain","optional":true},"template_server_ssh":{"type":"string","description_kind":"plain","optional":true},"template_server_ssl":{"type":"string","description_kind":"plain","optional":true},"template_server_ssl_shared":{"type":"string","description_kind":"plain","optional":true},"template_sip":{"type":"string","description_kind":"plain","optional":true},"template_sip_shared":{"type":"string","description_kind":"plain","optional":true},"template_smpp":{"type":"string","description_kind":"plain","optional":true},"template_smpp_shared":{"type":"string","description_kind":"plain","optional":true},"template_smtp":{"type":"string","description_kind":"plain","optional":true},"template_smtp_shared":{"type":"string","description_kind":"plain","optional":true},"template_ssli":{"type":"string","description_kind":"plain","optional":true},"template_tcp":{"type":"string","description_kind":"plain","optional":true},"template_tcp_proxy":{"type":"string","description_kind":"plain","optional":true},"template_tcp_proxy_client":{"type":"string","description_kind":"plain","optional":true},"template_tcp_proxy_server":{"type":"string","description_kind":"plain","optional":true},"template_tcp_proxy_shared":{"type":"string","description_kind":"plain","optional":true},"template_tcp_shared":{"type":"string","description_kind":"plain","optional":true},"template_udp":{"type":"string","description_kind":"plain","optional":true},"template_udp_shared":{"type":"string","description_kind":"plain","optional":true},"template_virtual_port":{"type":"string","description_kind":"plain","optional":true},"template_virtual_port_shared":{"type":"string","description_kind":"plain","optional":true},"trunk_fwd":{"type":"number","description_kind":"plain","optional":true},"trunk_rev":{"type":"number","description_kind":"plain","optional":true},"use_alternate_port":{"type":"number","description_kind":"plain","optional":true},"use_cgnv6":{"type":"number","description_kind":"plain","optional":true},"use_default_if_no_server":{"type":"number","description_kind":"plain","optional":true},"use_rcv_hop_for_resp":{"type":"number","description_kind":"plain","optional":true},"use_rcv_hop_group":{"type":"number","description_kind":"plain","optional":true},"user_tag":{"type":"string","description_kind":"plain","optional":true},"uuid":{"type":"string","description_kind":"plain","optional":true},"view":{"type":"number","description_kind":"plain","optional":true},"waf_template":{"type":"string","description_kind":"plain","optional":true},"when_down":{"type":"number","description_kind":"plain","optional":true},"when_down_protocol2":{"type":"number","description_kind":"plain","optional":true}},"block_types":{"acl_list":{"nesting_mode":"list","block":{"attributes":{"acl_id":{"type":"number","description_kind":"plain","optional":true},"acl_id_seq_num":{"type":"number","description_kind":"plain","optional":true},"acl_id_seq_num_shared":{"type":"number","description_kind":"plain","optional":true},"acl_id_shared":{"type":"number","description_kind":"plain","optional":true},"acl_id_src_nat_pool":{"type":"string","description_kind":"plain","optional":true},"acl_id_src_nat_pool_shared":{"type":"string","description_kind":"plain","optional":true},"acl_name":{"type":"string","description_kind":"plain","optional":true},"acl_name_seq_num":{"type":"number","description_kind":"plain","optional":true},"acl_name_seq_num_shared":{"type":"number","description_kind":"plain","optional":true},"acl_name_shared":{"type":"string","description_kind":"plain","optional":true},"acl_name_src_nat_pool":{"type":"string","description_kind":"plain","optional":true},"acl_name_src_nat_pool_shared":{"type":"string","description_kind":"plain","optional":true},"shared_partition_pool_id":{"type":"number","description_kind":"plain","optional":true},"shared_partition_pool_name":{"type":"number","description_kind":"plain","optional":true},"v_acl_id_seq_num":{"type":"number","description_kind":"plain","optional":true},"v_acl_id_seq_num_shared":{"type":"number","description_kind":"plain","optional":true},"v_acl_id_src_nat_pool":{"type":"string","description_kind":"plain","optional":true},"v_acl_id_src_nat_pool_shared":{"type":"string","description_kind":"plain","optional":true},"v_acl_name_seq_num":{"type":"number","description_kind":"plain","optional":true},"v_acl_name_seq_num_shared":{"type":"number","description_kind":"plain","optional":true},"v_acl_name_src_nat_pool":{"type":"string","description_kind":"plain","optional":true},"v_acl_name_src_nat_pool_shared":{"type":"string","description_kind":"plain","optional":true},"v_shared_partition_pool_id":{"type":"number","description_kind":"plain","optional":true},"v_shared_partition_pool_name":{"type":"number","description_kind":"plain","optional":true}},"description_kind":"plain"}},"aflex_scripts":{"nesting_mode":"list","block":{"attributes":{"aflex":{"type":"string","description_kind":"plain","optional":true},"aflex_shared":{"type":"string","description_kind":"plain","optional":true}},"description_kind":"plain"}},"auth_cfg":{"nesting_mode":"list","block":{"attributes":{"aaa_policy":{"type":"string","description_kind":"plain","optional":true}},"description_kind":"plain"},"max_items":1},"sampling_enable":{"nesting_mode":"list","block":{"attributes":{"counters1":{"type":"string","description_kind":"plain","optional":true}},"description_kind":"plain"}}},"description_kind":"plain"}}},"description_kind":"plain"}},"thunder_vrrp_common":{"version":0,"block":{"attributes":{"action":{"type":"string","description_kind":"plain","optional":true},"arp_retry":{"type":"number","description_kind":"plain","optional":true},"dead_timer":{"type":"number","description_kind":"plain","optional":true},"device_id":{"type":"number","description_kind":"plain","optional":true},"disable_default_vrid":{"type":"number","description_kind":"plain","optional":true},"forward_l4_packet_on_standby":{"type":"number","description_kind":"plain","optional":true},"get_ready_time":{"type":"number","description_kind":"plain","optional":true},"hello_interval":{"type":"number","description_kind":"plain","optional":true},"id":{"type":"string","description_kind":"plain","optional":true,"computed":true},"preemption_delay":{"type":"number","description_kind":"plain","optional":true},"restart_time":{"type":"number","description_kind":"plain","optional":true},"set_id":{"type":"number","description_kind":"plain","optional":true},"track_event_delay":{"type":"number","description_kind":"plain","optional":true},"uuid":{"type":"string","description_kind":"plain","optional":true}},"block_types":{"hostid_append_to_vrid":{"nesting_mode":"list","block":{"attributes":{"hostid_append_to_vrid_default":{"type":"number","description_kind":"plain","optional":true},"hostid_append_to_vrid_value":{"type":"number","description_kind":"plain","optional":true}},"description_kind":"plain"},"max_items":1},"inline_mode_cfg":{"nesting_mode":"list","block":{"attributes":{"inline_mode":{"type":"number","description_kind":"plain","optional":true},"preferred_port":{"type":"number","description_kind":"plain","optional":true},"preferred_trunk":{"type":"number","description_kind":"plain","optional":true}},"description_kind":"plain"},"max_items":1}},"description_kind":"plain"}},"thunder_vrrp_peer_group":{"version":0,"block":{"attributes":{"id":{"type":"string","description_kind":"plain","optional":true,"computed":true},"uuid":{"type":"string","description_kind":"plain","optional":true}},"block_types":{"peer":{"nesting_mode":"list","block":{"block_types":{"ip_peer_address_cfg":{"nesting_mode":"list","block":{"attributes":{"ip_peer_address":{"type":"string","description_kind":"plain","optional":true}},"description_kind":"plain"}},"ipv6_peer_address_cfg":{"nesting_mode":"list","block":{"attributes":{"ipv6_peer_address":{"type":"string","description_kind":"plain","optional":true}},"description_kind":"plain"}}},"description_kind":"plain"},"max_items":1}},"description_kind":"plain"}},"thunder_vrrp_session_sync":{"version":0,"block":{"attributes":{"action":{"type":"string","description_kind":"plain","optional":true},"id":{"type":"string","description_kind":"plain","optional":true,"computed":true},"uuid":{"type":"string","description_kind":"plain","optional":true}},"description_kind":"plain"}},"thunder_vrrp_vrid":{"version":0,"block":{"attributes":{"id":{"type":"string","description_kind":"plain","optional":true,"computed":true},"user_tag":{"type":"string","description_kind":"plain","optional":true},"uuid":{"type":"string","description_kind":"plain","optional":true},"vrid_val":{"type":"number","description_kind":"plain","optional":true}},"block_types":{"blade_parameters":{"nesting_mode":"list","block":{"attributes":{"fail_over_policy_template":{"type":"string","description_kind":"plain","optional":true},"priority":{"type":"number","description_kind":"plain","optional":true},"uuid":{"type":"string","description_kind":"plain","optional":true}},"block_types":{"tracking_options":{"nesting_mode":"list","block":{"attributes":{"uuid":{"type":"string","description_kind":"plain","optional":true}},"block_types":{"bgp":{"nesting_mode":"list","block":{"block_types":{"bgp_ipv4_address_cfg":{"nesting_mode":"list","block":{"attributes":{"bgp_ipv4_address":{"type":"string","description_kind":"plain","optional":true},"priority_cost":{"type":"number","description_kind":"plain","optional":true}},"description_kind":"plain"}},"bgp_ipv6_address_cfg":{"nesting_mode":"list","block":{"attributes":{"bgp_ipv6_address":{"type":"string","description_kind":"plain","optional":true},"priority_cost":{"type":"number","description_kind":"plain","optional":true}},"description_kind":"plain"}}},"description_kind":"plain"},"max_items":1},"gateway":{"nesting_mode":"list","block":{"block_types":{"ipv4_gateway_list":{"nesting_mode":"list","block":{"attributes":{"ip_address":{"type":"string","description_kind":"plain","optional":true},"priority_cost":{"type":"number","description_kind":"plain","optional":true},"uuid":{"type":"string","description_kind":"plain","optional":true}},"description_kind":"plain"}},"ipv6_gateway_list":{"nesting_mode":"list","block":{"attributes":{"ipv6_address":{"type":"string","description_kind":"plain","optional":true},"priority_cost":{"type":"number","description_kind":"plain","optional":true},"uuid":{"type":"string","description_kind":"plain","optional":true}},"description_kind":"plain"}}},"description_kind":"plain"},"max_items":1},"interface":{"nesting_mode":"list","block":{"attributes":{"ethernet":{"type":"number","description_kind":"plain","optional":true},"priority_cost":{"type":"number","description_kind":"plain","optional":true}},"description_kind":"plain"}},"route":{"nesting_mode":"list","block":{"block_types":{"ip_destination_cfg":{"nesting_mode":"list","block":{"attributes":{"distance":{"type":"number","description_kind":"plain","optional":true},"gateway":{"type":"string","description_kind":"plain","optional":true},"ip_destination":{"type":"string","description_kind":"plain","optional":true},"mask":{"type":"string","description_kind":"plain","optional":true},"priority_cost":{"type":"number","description_kind":"plain","optional":true},"protocol":{"type":"string","description_kind":"plain","optional":true}},"description_kind":"plain"}},"ipv6_destination_cfg":{"nesting_mode":"list","block":{"attributes":{"distance":{"type":"number","description_kind":"plain","optional":true},"gatewayv6":{"type":"string","description_kind":"plain","optional":true},"ipv6_destination":{"type":"string","description_kind":"plain","optional":true},"priority_cost":{"type":"number","description_kind":"plain","optional":true},"protocol":{"type":"string","description_kind":"plain","optional":true}},"description_kind":"plain"}}},"description_kind":"plain"},"max_items":1},"trunk_cfg":{"nesting_mode":"list","block":{"attributes":{"per_port_pri":{"type":"number","description_kind":"plain","optional":true},"priority_cost":{"type":"number","description_kind":"plain","optional":true},"trunk":{"type":"number","description_kind":"plain","optional":true}},"description_kind":"plain"}},"vlan_cfg":{"nesting_mode":"list","block":{"attributes":{"priority_cost":{"type":"number","description_kind":"plain","optional":true},"timeout":{"type":"number","description_kind":"plain","optional":true},"vlan":{"type":"number","description_kind":"plain","optional":true}},"description_kind":"plain"}}},"description_kind":"plain"},"max_items":1}},"description_kind":"plain"},"max_items":1},"floating_ip":{"nesting_mode":"list","block":{"block_types":{"ip_address_cfg":{"nesting_mode":"list","block":{"attributes":{"ip_address":{"type":"string","description_kind":"plain","optional":true}},"description_kind":"plain"}},"ip_address_part_cfg":{"nesting_mode":"list","block":{"attributes":{"ip_address_partition":{"type":"string","description_kind":"plain","optional":true}},"description_kind":"plain"}},"ipv6_address_cfg":{"nesting_mode":"list","block":{"attributes":{"ethernet":{"type":"number","description_kind":"plain","optional":true},"ipv6_address":{"type":"string","description_kind":"plain","optional":true},"trunk":{"type":"number","description_kind":"plain","optional":true},"ve":{"type":"number","description_kind":"plain","optional":true}},"description_kind":"plain"}},"ipv6_address_part_cfg":{"nesting_mode":"list","block":{"attributes":{"ethernet":{"type":"number","description_kind":"plain","optional":true},"ipv6_address_partition":{"type":"string","description_kind":"plain","optional":true},"trunk":{"type":"number","description_kind":"plain","optional":true},"ve":{"type":"number","description_kind":"plain","optional":true}},"description_kind":"plain"}}},"description_kind":"plain"},"max_items":1},"follow":{"nesting_mode":"list","block":{"attributes":{"vrid_lead":{"type":"string","description_kind":"plain","optional":true}},"description_kind":"plain"},"max_items":1},"preempt_mode":{"nesting_mode":"list","block":{"attributes":{"disable":{"type":"number","description_kind":"plain","optional":true},"threshold":{"type":"number","description_kind":"plain","optional":true}},"description_kind":"plain"},"max_items":1}},"description_kind":"plain"}},"thunder_web_category":{"version":0,"block":{"attributes":{"cloud_query_cache_size":{"type":"number","description_kind":"plain","optional":true},"cloud_query_disable":{"type":"number","description_kind":"plain","optional":true},"database_server":{"type":"string","description_kind":"plain","optional":true},"db_update_time":{"type":"string","description_kind":"plain","optional":true},"enable":{"type":"number","description_kind":"plain","optional":true},"id":{"type":"string","description_kind":"plain","optional":true,"computed":true},"port":{"type":"number","description_kind":"plain","optional":true},"remote_syslog_enable":{"type":"number","description_kind":"plain","optional":true},"rtu_cache_size":{"type":"number","description_kind":"plain","optional":true},"rtu_update_disable":{"type":"number","description_kind":"plain","optional":true},"rtu_update_interval":{"type":"number","description_kind":"plain","optional":true},"server":{"type":"string","description_kind":"plain","optional":true},"server_timeout":{"type":"number","description_kind":"plain","optional":true},"ssl_port":{"type":"number","description_kind":"plain","optional":true},"use_mgmt_port":{"type":"number","description_kind":"plain","optional":true},"uuid":{"type":"string","description_kind":"plain","optional":true}},"block_types":{"bypassed_urls":{"nesting_mode":"list","block":{"attributes":{"uuid":{"type":"string","description_kind":"plain","optional":true}},"description_kind":"plain"},"max_items":1},"category_list_list":{"nesting_mode":"list","block":{"attributes":{"abortion":{"type":"number","description_kind":"plain","optional":true},"adult_and_pornography":{"type":"number","description_kind":"plain","optional":true},"alcohol_and_tobacco":{"type":"number","description_kind":"plain","optional":true},"auctions":{"type":"number","description_kind":"plain","optional":true},"bot_nets":{"type":"number","description_kind":"plain","optional":true},"business_and_economy":{"type":"number","description_kind":"plain","optional":true},"cdns":{"type":"number","description_kind":"plain","optional":true},"cheating":{"type":"number","description_kind":"plain","optional":true},"computer_and_internet_info":{"type":"number","description_kind":"plain","optional":true},"computer_and_internet_security":{"type":"number","description_kind":"plain","optional":true},"confirmed_spam_sources":{"type":"number","description_kind":"plain","optional":true},"cult_and_occult":{"type":"number","description_kind":"plain","optional":true},"dating":{"type":"number","description_kind":"plain","optional":true},"dead_sites":{"type":"number","description_kind":"plain","optional":true},"drugs":{"type":"number","description_kind":"plain","optional":true},"dynamic_comment":{"type":"number","description_kind":"plain","optional":true},"educational_institutions":{"type":"number","description_kind":"plain","optional":true},"entertainment_and_arts":{"type":"number","description_kind":"plain","optional":true},"fashion_and_beauty":{"type":"number","description_kind":"plain","optional":true},"financial_services":{"type":"number","description_kind":"plain","optional":true},"food_and_dining":{"type":"number","description_kind":"plain","optional":true},"gambling":{"type":"number","description_kind":"plain","optional":true},"games":{"type":"number","description_kind":"plain","optional":true},"government":{"type":"number","description_kind":"plain","optional":true},"gross":{"type":"number","description_kind":"plain","optional":true},"hacking":{"type":"number","description_kind":"plain","optional":true},"hate_and_racism":{"type":"number","description_kind":"plain","optional":true},"health_and_medicine":{"type":"number","description_kind":"plain","optional":true},"home_and_garden":{"type":"number","description_kind":"plain","optional":true},"hunting_and_fishing":{"type":"number","description_kind":"plain","optional":true},"illegal":{"type":"number","description_kind":"plain","optional":true},"image_and_video_search":{"type":"number","description_kind":"plain","optional":true},"internet_communications":{"type":"number","description_kind":"plain","optional":true},"internet_portals":{"type":"number","description_kind":"plain","optional":true},"job_search":{"type":"number","description_kind":"plain","optional":true},"keyloggers_and_monitoring":{"type":"number","description_kind":"plain","optional":true},"kids":{"type":"number","description_kind":"plain","optional":true},"legal":{"type":"number","description_kind":"plain","optional":true},"local_information":{"type":"number","description_kind":"plain","optional":true},"malware_sites":{"type":"number","description_kind":"plain","optional":true},"marijuana":{"type":"number","description_kind":"plain","optional":true},"military":{"type":"number","description_kind":"plain","optional":true},"motor_vehicles":{"type":"number","description_kind":"plain","optional":true},"music":{"type":"number","description_kind":"plain","optional":true},"name":{"type":"string","description_kind":"plain","optional":true},"news_and_media":{"type":"number","description_kind":"plain","optional":true},"nudity":{"type":"number","description_kind":"plain","optional":true},"online_greeting_cards":{"type":"number","description_kind":"plain","optional":true},"open_http_proxies":{"type":"number","description_kind":"plain","optional":true},"parked_domains":{"type":"number","description_kind":"plain","optional":true},"pay_to_surf":{"type":"number","description_kind":"plain","optional":true},"peer_to_peer":{"type":"number","description_kind":"plain","optional":true},"personal_sites_and_blogs":{"type":"number","description_kind":"plain","optional":true},"personal_storage":{"type":"number","description_kind":"plain","optional":true},"philosophy_and_politics":{"type":"number","description_kind":"plain","optional":true},"phishing_and_other_fraud":{"type":"number","description_kind":"plain","optional":true},"private_ip_addresses":{"type":"number","description_kind":"plain","optional":true},"proxy_avoid_and_anonymizers":{"type":"number","description_kind":"plain","optional":true},"questionable":{"type":"number","description_kind":"plain","optional":true},"real_estate":{"type":"number","description_kind":"plain","optional":true},"recreation_and_hobbies":{"type":"number","description_kind":"plain","optional":true},"reference_and_research":{"type":"number","description_kind":"plain","optional":true},"religion":{"type":"number","description_kind":"plain","optional":true},"search_engines":{"type":"number","description_kind":"plain","optional":true},"sex_education":{"type":"number","description_kind":"plain","optional":true},"shareware_and_freeware":{"type":"number","description_kind":"plain","optional":true},"shopping":{"type":"number","description_kind":"plain","optional":true},"social_network":{"type":"number","description_kind":"plain","optional":true},"society":{"type":"number","description_kind":"plain","optional":true},"spam_urls":{"type":"number","description_kind":"plain","optional":true},"sports":{"type":"number","description_kind":"plain","optional":true},"spyware_and_adware":{"type":"number","description_kind":"plain","optional":true},"stock_advice_and_tools":{"type":"number","description_kind":"plain","optional":true},"streaming_media":{"type":"number","description_kind":"plain","optional":true},"swimsuits_and_intimate_apparel":{"type":"number","description_kind":"plain","optional":true},"training_and_tools":{"type":"number","description_kind":"plain","optional":true},"translation":{"type":"number","description_kind":"plain","optional":true},"travel":{"type":"number","description_kind":"plain","optional":true},"uncategorized":{"type":"number","description_kind":"plain","optional":true},"unconfirmed_spam_sources":{"type":"number","description_kind":"plain","optional":true},"user_tag":{"type":"string","description_kind":"plain","optional":true},"uuid":{"type":"string","description_kind":"plain","optional":true},"violence":{"type":"number","description_kind":"plain","optional":true},"weapons":{"type":"number","description_kind":"plain","optional":true},"web_advertisements":{"type":"number","description_kind":"plain","optional":true},"web_based_email":{"type":"number","description_kind":"plain","optional":true},"web_hosting_sites":{"type":"number","description_kind":"plain","optional":true}},"block_types":{"sampling_enable":{"nesting_mode":"list","block":{"attributes":{"counters1":{"type":"string","description_kind":"plain","optional":true}},"description_kind":"plain"}}},"description_kind":"plain"}},"intercepted_urls":{"nesting_mode":"list","block":{"attributes":{"uuid":{"type":"string","description_kind":"plain","optional":true}},"description_kind":"plain"},"max_items":1},"license":{"nesting_mode":"list","block":{"attributes":{"uuid":{"type":"string","description_kind":"plain","optional":true}},"description_kind":"plain"},"max_items":1},"proxy_server":{"nesting_mode":"list","block":{"attributes":{"auth_type":{"type":"string","description_kind":"plain","optional":true},"domain":{"type":"string","description_kind":"plain","optional":true},"http_port":{"type":"number","description_kind":"plain","optional":true},"https_port":{"type":"number","description_kind":"plain","optional":true},"password":{"type":"number","description_kind":"plain","optional":true},"proxy_host":{"type":"string","description_kind":"plain","optional":true},"secret_string":{"type":"string","description_kind":"plain","optional":true},"username":{"type":"string","description_kind":"plain","optional":true},"uuid":{"type":"string","description_kind":"plain","optional":true}},"description_kind":"plain"},"max_items":1},"reputation_scope_list":{"nesting_mode":"list","block":{"attributes":{"name":{"type":"string","description_kind":"plain","optional":true},"user_tag":{"type":"string","description_kind":"plain","optional":true},"uuid":{"type":"string","description_kind":"plain","optional":true}},"block_types":{"greater_than":{"nesting_mode":"list","block":{"attributes":{"greater_low_risk":{"type":"number","description_kind":"plain","optional":true},"greater_malicious":{"type":"number","description_kind":"plain","optional":true},"greater_moderate_risk":{"type":"number","description_kind":"plain","optional":true},"greater_suspicious":{"type":"number","description_kind":"plain","optional":true},"greater_threshold":{"type":"number","description_kind":"plain","optional":true},"greater_trustworthy":{"type":"number","description_kind":"plain","optional":true}},"description_kind":"plain"},"max_items":1},"less_than":{"nesting_mode":"list","block":{"attributes":{"less_low_risk":{"type":"number","description_kind":"plain","optional":true},"less_malicious":{"type":"number","description_kind":"plain","optional":true},"less_moderate_risk":{"type":"number","description_kind":"plain","optional":true},"less_suspicious":{"type":"number","description_kind":"plain","optional":true},"less_threshold":{"type":"number","description_kind":"plain","optional":true},"less_trustworthy":{"type":"number","description_kind":"plain","optional":true}},"description_kind":"plain"},"max_items":1},"sampling_enable":{"nesting_mode":"list","block":{"attributes":{"counters1":{"type":"string","description_kind":"plain","optional":true}},"description_kind":"plain"}}},"description_kind":"plain"}},"statistics":{"nesting_mode":"list","block":{"attributes":{"uuid":{"type":"string","description_kind":"plain","optional":true}},"block_types":{"sampling_enable":{"nesting_mode":"list","block":{"attributes":{"counters1":{"type":"string","description_kind":"plain","optional":true}},"description_kind":"plain"}}},"description_kind":"plain"},"max_items":1},"url":{"nesting_mode":"list","block":{"attributes":{"uuid":{"type":"string","description_kind":"plain","optional":true}},"description_kind":"plain"},"max_items":1},"web_reputation":{"nesting_mode":"list","block":{"attributes":{"uuid":{"type":"string","description_kind":"plain","optional":true}},"block_types":{"bypassed_urls":{"nesting_mode":"list","block":{"attributes":{"uuid":{"type":"string","description_kind":"plain","optional":true}},"description_kind":"plain"},"max_items":1},"intercepted_urls":{"nesting_mode":"list","block":{"attributes":{"uuid":{"type":"string","description_kind":"plain","optional":true}},"description_kind":"plain"},"max_items":1},"url":{"nesting_mode":"list","block":{"attributes":{"uuid":{"type":"string","description_kind":"plain","optional":true}},"description_kind":"plain"},"max_items":1}},"description_kind":"plain"},"max_items":1}},"description_kind":"plain"}},"thunder_web_category_category_list":{"version":0,"block":{"attributes":{"abortion":{"type":"number","description_kind":"plain","optional":true},"adult_and_pornography":{"type":"number","description_kind":"plain","optional":true},"alcohol_and_tobacco":{"type":"number","description_kind":"plain","optional":true},"auctions":{"type":"number","description_kind":"plain","optional":true},"bot_nets":{"type":"number","description_kind":"plain","optional":true},"business_and_economy":{"type":"number","description_kind":"plain","optional":true},"cdns":{"type":"number","description_kind":"plain","optional":true},"cheating":{"type":"number","description_kind":"plain","optional":true},"computer_and_internet_info":{"type":"number","description_kind":"plain","optional":true},"computer_and_internet_security":{"type":"number","description_kind":"plain","optional":true},"confirmed_spam_sources":{"type":"number","description_kind":"plain","optional":true},"cult_and_occult":{"type":"number","description_kind":"plain","optional":true},"dating":{"type":"number","description_kind":"plain","optional":true},"dead_sites":{"type":"number","description_kind":"plain","optional":true},"drugs":{"type":"number","description_kind":"plain","optional":true},"dynamic_comment":{"type":"number","description_kind":"plain","optional":true},"educational_institutions":{"type":"number","description_kind":"plain","optional":true},"entertainment_and_arts":{"type":"number","description_kind":"plain","optional":true},"fashion_and_beauty":{"type":"number","description_kind":"plain","optional":true},"financial_services":{"type":"number","description_kind":"plain","optional":true},"food_and_dining":{"type":"number","description_kind":"plain","optional":true},"gambling":{"type":"number","description_kind":"plain","optional":true},"games":{"type":"number","description_kind":"plain","optional":true},"government":{"type":"number","description_kind":"plain","optional":true},"gross":{"type":"number","description_kind":"plain","optional":true},"hacking":{"type":"number","description_kind":"plain","optional":true},"hate_and_racism":{"type":"number","description_kind":"plain","optional":true},"health_and_medicine":{"type":"number","description_kind":"plain","optional":true},"home_and_garden":{"type":"number","description_kind":"plain","optional":true},"hunting_and_fishing":{"type":"number","description_kind":"plain","optional":true},"id":{"type":"string","description_kind":"plain","optional":true,"computed":true},"illegal":{"type":"number","description_kind":"plain","optional":true},"image_and_video_search":{"type":"number","description_kind":"plain","optional":true},"internet_communications":{"type":"number","description_kind":"plain","optional":true},"internet_portals":{"type":"number","description_kind":"plain","optional":true},"job_search":{"type":"number","description_kind":"plain","optional":true},"keyloggers_and_monitoring":{"type":"number","description_kind":"plain","optional":true},"kids":{"type":"number","description_kind":"plain","optional":true},"legal":{"type":"number","description_kind":"plain","optional":true},"local_information":{"type":"number","description_kind":"plain","optional":true},"malware_sites":{"type":"number","description_kind":"plain","optional":true},"marijuana":{"type":"number","description_kind":"plain","optional":true},"military":{"type":"number","description_kind":"plain","optional":true},"motor_vehicles":{"type":"number","description_kind":"plain","optional":true},"music":{"type":"number","description_kind":"plain","optional":true},"name":{"type":"string","description_kind":"plain","optional":true},"news_and_media":{"type":"number","description_kind":"plain","optional":true},"nudity":{"type":"number","description_kind":"plain","optional":true},"online_greeting_cards":{"type":"number","description_kind":"plain","optional":true},"open_http_proxies":{"type":"number","description_kind":"plain","optional":true},"parked_domains":{"type":"number","description_kind":"plain","optional":true},"pay_to_surf":{"type":"number","description_kind":"plain","optional":true},"peer_to_peer":{"type":"number","description_kind":"plain","optional":true},"personal_sites_and_blogs":{"type":"number","description_kind":"plain","optional":true},"personal_storage":{"type":"number","description_kind":"plain","optional":true},"philosophy_and_politics":{"type":"number","description_kind":"plain","optional":true},"phishing_and_other_fraud":{"type":"number","description_kind":"plain","optional":true},"private_ip_addresses":{"type":"number","description_kind":"plain","optional":true},"proxy_avoid_and_anonymizers":{"type":"number","description_kind":"plain","optional":true},"questionable":{"type":"number","description_kind":"plain","optional":true},"real_estate":{"type":"number","description_kind":"plain","optional":true},"recreation_and_hobbies":{"type":"number","description_kind":"plain","optional":true},"reference_and_research":{"type":"number","description_kind":"plain","optional":true},"religion":{"type":"number","description_kind":"plain","optional":true},"search_engines":{"type":"number","description_kind":"plain","optional":true},"sex_education":{"type":"number","description_kind":"plain","optional":true},"shareware_and_freeware":{"type":"number","description_kind":"plain","optional":true},"shopping":{"type":"number","description_kind":"plain","optional":true},"social_network":{"type":"number","description_kind":"plain","optional":true},"society":{"type":"number","description_kind":"plain","optional":true},"spam_urls":{"type":"number","description_kind":"plain","optional":true},"sports":{"type":"number","description_kind":"plain","optional":true},"spyware_and_adware":{"type":"number","description_kind":"plain","optional":true},"stock_advice_and_tools":{"type":"number","description_kind":"plain","optional":true},"streaming_media":{"type":"number","description_kind":"plain","optional":true},"swimsuits_and_intimate_apparel":{"type":"number","description_kind":"plain","optional":true},"training_and_tools":{"type":"number","description_kind":"plain","optional":true},"translation":{"type":"number","description_kind":"plain","optional":true},"travel":{"type":"number","description_kind":"plain","optional":true},"uncategorized":{"type":"number","description_kind":"plain","optional":true},"unconfirmed_spam_sources":{"type":"number","description_kind":"plain","optional":true},"user_tag":{"type":"string","description_kind":"plain","optional":true},"uuid":{"type":"string","description_kind":"plain","optional":true},"violence":{"type":"number","description_kind":"plain","optional":true},"weapons":{"type":"number","description_kind":"plain","optional":true},"web_advertisements":{"type":"number","description_kind":"plain","optional":true},"web_based_email":{"type":"number","description_kind":"plain","optional":true},"web_hosting_sites":{"type":"number","description_kind":"plain","optional":true}},"block_types":{"sampling_enable":{"nesting_mode":"list","block":{"attributes":{"counters1":{"type":"string","description_kind":"plain","optional":true}},"description_kind":"plain"}}},"description_kind":"plain"}},"thunder_web_category_proxy_server":{"version":0,"block":{"attributes":{"auth_type":{"type":"string","description_kind":"plain","optional":true},"domain":{"type":"string","description_kind":"plain","optional":true},"http_port":{"type":"number","description_kind":"plain","optional":true},"https_port":{"type":"number","description_kind":"plain","optional":true},"id":{"type":"string","description_kind":"plain","optional":true,"computed":true},"password":{"type":"number","description_kind":"plain","optional":true},"proxy_host":{"type":"string","description_kind":"plain","optional":true},"secret_string":{"type":"string","description_kind":"plain","optional":true},"username":{"type":"string","description_kind":"plain","optional":true},"uuid":{"type":"string","description_kind":"plain","optional":true}},"description_kind":"plain"}},"thunder_web_category_reputation_scope":{"version":0,"block":{"attributes":{"id":{"type":"string","description_kind":"plain","optional":true,"computed":true},"name":{"type":"string","description_kind":"plain","optional":true},"user_tag":{"type":"string","description_kind":"plain","optional":true},"uuid":{"type":"string","description_kind":"plain","optional":true}},"block_types":{"greater_than":{"nesting_mode":"list","block":{"attributes":{"greater_low_risk":{"type":"number","description_kind":"plain","optional":true},"greater_malicious":{"type":"number","description_kind":"plain","optional":true},"greater_moderate_risk":{"type":"number","description_kind":"plain","optional":true},"greater_suspicious":{"type":"number","description_kind":"plain","optional":true},"greater_threshold":{"type":"number","description_kind":"plain","optional":true},"greater_trustworthy":{"type":"number","description_kind":"plain","optional":true}},"description_kind":"plain"},"max_items":1},"less_than":{"nesting_mode":"list","block":{"attributes":{"less_low_risk":{"type":"number","description_kind":"plain","optional":true},"less_malicious":{"type":"number","description_kind":"plain","optional":true},"less_moderate_risk":{"type":"number","description_kind":"plain","optional":true},"less_suspicious":{"type":"number","description_kind":"plain","optional":true},"less_threshold":{"type":"number","description_kind":"plain","optional":true},"less_trustworthy":{"type":"number","description_kind":"plain","optional":true}},"description_kind":"plain"},"max_items":1},"sampling_enable":{"nesting_mode":"list","block":{"attributes":{"counters1":{"type":"string","description_kind":"plain","optional":true}},"description_kind":"plain"}}},"description_kind":"plain"}},"thunder_web_category_statistics":{"version":0,"block":{"attributes":{"id":{"type":"string","description_kind":"plain","optional":true,"computed":true},"uuid":{"type":"string","description_kind":"plain","optional":true}},"block_types":{"sampling_enable":{"nesting_mode":"list","block":{"attributes":{"counters1":{"type":"string","description_kind":"plain","optional":true}},"description_kind":"plain"}}},"description_kind":"plain"}},"thunder_write_memory":{"version":0,"block":{"attributes":{"destination":{"type":"string","description_kind":"plain","optional":true},"id":{"type":"string","description_kind":"plain","optional":true,"computed":true},"partition":{"type":"string","description_kind":"plain","optional":true},"profile":{"type":"string","description_kind":"plain","optional":true},"specified_partition":{"type":"string","description_kind":"plain","optional":true}},"description_kind":"plain"}}}}}}
