{"format_version":"0.2","provider_schemas":{"registry.terraform.io/advancedhosting/ah":{"provider":{"version":0,"block":{"attributes":{"access_token":{"type":"string","description":"The API token to access the AH cloud.","description_kind":"plain","optional":true},"endpoint":{"type":"string","description_kind":"plain","optional":true}},"description_kind":"plain"}},"resource_schemas":{"ah_cloud_server":{"version":0,"block":{"attributes":{"backups":{"type":"bool","description_kind":"plain","optional":true},"create_public_ip_address":{"type":"bool","description_kind":"plain","optional":true},"created_at":{"type":"string","description_kind":"plain","computed":true},"datacenter":{"type":"string","description_kind":"plain","required":true},"disk":{"type":"number","description_kind":"plain","computed":true},"id":{"type":"string","description_kind":"plain","optional":true,"computed":true},"image":{"type":"string","description_kind":"plain","required":true},"ips":{"type":["list",["object",{"assignment_id":"string","ip_address":"string","primary":"bool","reverse_dns":"string","type":"string"}]],"description_kind":"plain","computed":true},"name":{"type":"string","description_kind":"plain","required":true},"product":{"type":"string","description_kind":"plain","required":true},"ram":{"type":"number","description_kind":"plain","computed":true},"ssh_keys":{"type":["list","string"],"description_kind":"plain","optional":true},"state":{"type":"string","description_kind":"plain","computed":true},"use_password":{"type":"bool","description_kind":"plain","optional":true},"vcpu":{"type":"number","description_kind":"plain","computed":true}},"description_kind":"plain"}},"ah_cloud_server_snapshot":{"version":0,"block":{"attributes":{"cloud_server_id":{"type":"string","description_kind":"plain","required":true},"cloud_server_name":{"type":"string","description_kind":"plain","computed":true},"created_at":{"type":"string","description_kind":"plain","computed":true},"id":{"type":"string","description_kind":"plain","optional":true,"computed":true},"name":{"type":"string","description_kind":"plain","optional":true,"computed":true},"size":{"type":"number","description_kind":"plain","computed":true},"state":{"type":"string","description_kind":"plain","computed":true},"type":{"type":"string","description_kind":"plain","computed":true}},"description_kind":"plain"}},"ah_ip":{"version":0,"block":{"attributes":{"created_at":{"type":"string","description_kind":"plain","computed":true},"datacenter":{"type":"string","description_kind":"plain","optional":true},"id":{"type":"string","description_kind":"plain","optional":true,"computed":true},"ip_address":{"type":"string","description_kind":"plain","computed":true},"reverse_dns":{"type":"string","description_kind":"plain","optional":true,"computed":true},"type":{"type":"string","description_kind":"plain","required":true}},"description_kind":"plain"}},"ah_ip_assignment":{"version":0,"block":{"attributes":{"cloud_server_id":{"type":"string","description_kind":"plain","required":true},"id":{"type":"string","description_kind":"plain","optional":true,"computed":true},"ip_address":{"type":"string","description_kind":"plain","required":true},"primary":{"type":"bool","description_kind":"plain","optional":true,"computed":true}},"description_kind":"plain"}},"ah_private_network":{"version":0,"block":{"attributes":{"created_at":{"type":"string","description_kind":"plain","computed":true},"id":{"type":"string","description_kind":"plain","optional":true,"computed":true},"ip_range":{"type":"string","description_kind":"plain","required":true},"name":{"type":"string","description_kind":"plain","required":true},"state":{"type":"string","description_kind":"plain","optional":true,"computed":true}},"description_kind":"plain"}},"ah_private_network_connection":{"version":0,"block":{"attributes":{"cloud_server_id":{"type":"string","description_kind":"plain","required":true},"id":{"type":"string","description_kind":"plain","optional":true,"computed":true},"ip_address":{"type":"string","description_kind":"plain","optional":true,"computed":true},"private_network_id":{"type":"string","description_kind":"plain","required":true}},"description_kind":"plain"}},"ah_ssh_key":{"version":0,"block":{"attributes":{"created_at":{"type":"string","description_kind":"plain","computed":true},"fingerprint":{"type":"string","description_kind":"plain","computed":true},"id":{"type":"string","description_kind":"plain","optional":true,"computed":true},"name":{"type":"string","description_kind":"plain","optional":true,"computed":true},"public_key":{"type":"string","description_kind":"plain","required":true}},"description_kind":"plain"}},"ah_volume":{"version":0,"block":{"attributes":{"created_at":{"type":"string","description_kind":"plain","computed":true},"file_system":{"type":"string","description_kind":"plain","optional":true},"id":{"type":"string","description_kind":"plain","optional":true,"computed":true},"name":{"type":"string","description_kind":"plain","optional":true},"origin_volume_id":{"type":"string","description_kind":"plain","optional":true},"product":{"type":"string","description_kind":"plain","required":true},"size":{"type":"number","description_kind":"plain","optional":true,"computed":true},"state":{"type":"string","description_kind":"plain","computed":true}},"description_kind":"plain"}},"ah_volume_attachment":{"version":0,"block":{"attributes":{"cloud_server_id":{"type":"string","description_kind":"plain","required":true},"id":{"type":"string","description_kind":"plain","optional":true,"computed":true},"state":{"type":"string","description_kind":"plain","computed":true},"volume_id":{"type":"string","description_kind":"plain","required":true}},"description_kind":"plain"}}},"data_source_schemas":{"ah_cloud_images":{"version":0,"block":{"attributes":{"id":{"type":"string","description_kind":"plain","optional":true,"computed":true},"images":{"type":["list",["object",{"architecture":"string","distribution":"string","id":"string","name":"string","slug":"string","version":"string"}]],"description_kind":"plain","computed":true}},"block_types":{"filter":{"nesting_mode":"set","block":{"attributes":{"key":{"type":"string","description_kind":"plain","required":true},"values":{"type":["list","string"],"description_kind":"plain","required":true}},"description_kind":"plain"}},"sort":{"nesting_mode":"set","block":{"attributes":{"direction":{"type":"string","description_kind":"plain","optional":true},"key":{"type":"string","description_kind":"plain","required":true}},"description_kind":"plain"}}},"description_kind":"plain"}},"ah_cloud_server_products":{"version":0,"block":{"attributes":{"id":{"type":"string","description_kind":"plain","optional":true,"computed":true},"products":{"type":["list",["object",{"available_on_trial":"bool","currency":"string","disk":"string","id":"string","name":"string","price":"string","ram":"string","slug":"string","vcpu":"string"}]],"description_kind":"plain","computed":true}},"block_types":{"filter":{"nesting_mode":"set","block":{"attributes":{"key":{"type":"string","description_kind":"plain","required":true},"values":{"type":["list","string"],"description_kind":"plain","required":true}},"description_kind":"plain"}},"sort":{"nesting_mode":"set","block":{"attributes":{"direction":{"type":"string","description_kind":"plain","optional":true},"key":{"type":"string","description_kind":"plain","required":true}},"description_kind":"plain"}}},"description_kind":"plain"}},"ah_cloud_server_snapshot_and_backups":{"version":0,"block":{"attributes":{"id":{"type":"string","description_kind":"plain","optional":true,"computed":true},"snapshots_and_backups":{"type":["list",["object",{"cloud_server_deleted":"bool","cloud_server_id":"string","cloud_server_name":"string","created_at":"string","id":"string","name":"string","size":"number","state":"string","type":"string"}]],"description_kind":"plain","computed":true}},"block_types":{"filter":{"nesting_mode":"set","block":{"attributes":{"key":{"type":"string","description_kind":"plain","required":true},"values":{"type":["list","string"],"description_kind":"plain","required":true}},"description_kind":"plain"}},"sort":{"nesting_mode":"set","block":{"attributes":{"direction":{"type":"string","description_kind":"plain","optional":true},"key":{"type":"string","description_kind":"plain","required":true}},"description_kind":"plain"}}},"description_kind":"plain"}},"ah_cloud_servers":{"version":0,"block":{"attributes":{"cloud_servers":{"type":["list",["object",{"backups":"bool","created_at":"string","datacenter":"string","disk":"number","id":"string","image":"string","ips":["list",["object",{"assignment_id":"string","ip_address":"string","primary":"bool","reverse_dns":"string","type":"string"}]],"name":"string","private_networks":["list",["object",{"id":"string","ip":"string"}]],"product":"string","ram":"number","state":"string","use_password":"bool","vcpu":"number","volumes":["list","string"]}]],"description_kind":"plain","computed":true},"id":{"type":"string","description_kind":"plain","optional":true,"computed":true}},"block_types":{"filter":{"nesting_mode":"set","block":{"attributes":{"key":{"type":"string","description_kind":"plain","required":true},"values":{"type":["list","string"],"description_kind":"plain","required":true}},"description_kind":"plain"}},"sort":{"nesting_mode":"set","block":{"attributes":{"direction":{"type":"string","description_kind":"plain","optional":true},"key":{"type":"string","description_kind":"plain","required":true}},"description_kind":"plain"}}},"description_kind":"plain"}},"ah_datacenters":{"version":0,"block":{"attributes":{"datacenters":{"type":["list",["object",{"full_name":"string","id":"string","name":"string","region_country_code":"string","region_id":"string","region_name":"string","slug":"string"}]],"description_kind":"plain","computed":true},"id":{"type":"string","description_kind":"plain","optional":true,"computed":true}},"block_types":{"filter":{"nesting_mode":"set","block":{"attributes":{"key":{"type":"string","description_kind":"plain","required":true},"values":{"type":["list","string"],"description_kind":"plain","required":true}},"description_kind":"plain"}},"sort":{"nesting_mode":"set","block":{"attributes":{"direction":{"type":"string","description_kind":"plain","optional":true},"key":{"type":"string","description_kind":"plain","required":true}},"description_kind":"plain"}}},"description_kind":"plain"}},"ah_ips":{"version":0,"block":{"attributes":{"id":{"type":"string","description_kind":"plain","optional":true,"computed":true},"ips":{"type":["list",["object",{"cloud_server_ids":["list","string"],"created_at":"string","datacenter":"string","id":"string","ip_address":"string","primary":"bool","reverse_dns":"string","type":"string"}]],"description_kind":"plain","computed":true}},"block_types":{"filter":{"nesting_mode":"set","block":{"attributes":{"key":{"type":"string","description_kind":"plain","required":true},"values":{"type":["list","string"],"description_kind":"plain","required":true}},"description_kind":"plain"}},"sort":{"nesting_mode":"set","block":{"attributes":{"direction":{"type":"string","description_kind":"plain","optional":true},"key":{"type":"string","description_kind":"plain","required":true}},"description_kind":"plain"}}},"description_kind":"plain"}},"ah_private_networks":{"version":0,"block":{"attributes":{"id":{"type":"string","description_kind":"plain","optional":true,"computed":true},"private_networks":{"type":["list",["object",{"cloud_servers":["list",["object",{"id":"string","ip":"string"}]],"created_at":"string","id":"string","ip_range":"string","name":"string","state":"string"}]],"description_kind":"plain","computed":true}},"block_types":{"filter":{"nesting_mode":"set","block":{"attributes":{"key":{"type":"string","description_kind":"plain","required":true},"values":{"type":["list","string"],"description_kind":"plain","required":true}},"description_kind":"plain"}},"sort":{"nesting_mode":"set","block":{"attributes":{"direction":{"type":"string","description_kind":"plain","optional":true},"key":{"type":"string","description_kind":"plain","required":true}},"description_kind":"plain"}}},"description_kind":"plain"}},"ah_ssh_keys":{"version":0,"block":{"attributes":{"id":{"type":"string","description_kind":"plain","optional":true,"computed":true},"ssh_keys":{"type":["list",["object",{"created_at":"string","fingerprint":"string","id":"string","name":"string","public_key":"string"}]],"description_kind":"plain","computed":true}},"block_types":{"filter":{"nesting_mode":"set","block":{"attributes":{"key":{"type":"string","description_kind":"plain","required":true},"values":{"type":["list","string"],"description_kind":"plain","required":true}},"description_kind":"plain"}},"sort":{"nesting_mode":"set","block":{"attributes":{"direction":{"type":"string","description_kind":"plain","optional":true},"key":{"type":"string","description_kind":"plain","required":true}},"description_kind":"plain"}}},"description_kind":"plain"}},"ah_volume_products":{"version":0,"block":{"attributes":{"id":{"type":"string","description_kind":"plain","optional":true,"computed":true},"products":{"type":["list",["object",{"currency":"string","datacenters":["list",["object",{"full_name":"string","id":"string","name":"string","slug":"string"}]],"id":"string","max_size":"number","min_size":"number","name":"string","price":"string","slug":"string"}]],"description_kind":"plain","computed":true}},"block_types":{"filter":{"nesting_mode":"set","block":{"attributes":{"key":{"type":"string","description_kind":"plain","required":true},"values":{"type":["list","string"],"description_kind":"plain","required":true}},"description_kind":"plain"}},"sort":{"nesting_mode":"set","block":{"attributes":{"direction":{"type":"string","description_kind":"plain","optional":true},"key":{"type":"string","description_kind":"plain","required":true}},"description_kind":"plain"}}},"description_kind":"plain"}},"ah_volumes":{"version":0,"block":{"attributes":{"id":{"type":"string","description_kind":"plain","optional":true,"computed":true},"volumes":{"type":["list",["object",{"cloud_server_id":"string","created_at":"string","file_system":"string","id":"string","name":"string","product":"string","size":"number","state":"string"}]],"description_kind":"plain","computed":true}},"block_types":{"filter":{"nesting_mode":"set","block":{"attributes":{"key":{"type":"string","description_kind":"plain","required":true},"values":{"type":["list","string"],"description_kind":"plain","required":true}},"description_kind":"plain"}},"sort":{"nesting_mode":"set","block":{"attributes":{"direction":{"type":"string","description_kind":"plain","optional":true},"key":{"type":"string","description_kind":"plain","required":true}},"description_kind":"plain"}}},"description_kind":"plain"}}}}}}
