{"format_version":"0.2","provider_schemas":{"registry.terraform.io/aiven/aiven":{"provider":{"version":0,"block":{"attributes":{"api_token":{"type":"string","description":"Aiven Authentication Token","description_kind":"plain","required":true,"sensitive":true}},"description_kind":"plain"}},"resource_schemas":{"aiven_account":{"version":0,"block":{"attributes":{"account_id":{"type":"string","description":"Account id","description_kind":"plain","computed":true},"create_time":{"type":"string","description":"Time of creation","description_kind":"plain","computed":true},"id":{"type":"string","description_kind":"plain","optional":true,"computed":true},"name":{"type":"string","description":"Account name","description_kind":"plain","required":true},"owner_team_id":{"type":"string","description":"Owner team id","description_kind":"plain","computed":true},"tenant_id":{"type":"string","description":"Tenant id","description_kind":"plain","computed":true},"update_time":{"type":"string","description":"Time of last update","description_kind":"plain","computed":true}},"description":"The Account resource allows the creation and management of an Aiven Account.","description_kind":"plain"}},"aiven_account_authentication":{"version":0,"block":{"attributes":{"account_id":{"type":"string","description":"The unique id of the account.","description_kind":"plain","required":true},"authentication_id":{"type":"string","description":"Account authentication id","description_kind":"plain","computed":true},"create_time":{"type":"string","description":"Time of creation","description_kind":"plain","computed":true},"enabled":{"type":"bool","description":"Status of account authentication method. The default value is `false`.","description_kind":"plain","optional":true},"id":{"type":"string","description_kind":"plain","optional":true,"computed":true},"name":{"type":"string","description":"The name of the account authentication.","description_kind":"plain","required":true},"saml_acs_url":{"type":"string","description":"SAML Assertion Consumer Service URL","description_kind":"plain","computed":true},"saml_certificate":{"type":"string","description":"SAML Certificate","description_kind":"plain","optional":true},"saml_entity_id":{"type":"string","description":"SAML Entity id","description_kind":"plain","optional":true},"saml_idp_url":{"type":"string","description":"SAML Idp URL","description_kind":"plain","optional":true},"saml_metadata_url":{"type":"string","description":"SAML Metadata URL","description_kind":"plain","computed":true},"type":{"type":"string","description":"The account authentication type. The possible values are `internal` and `saml`.","description_kind":"plain","required":true},"update_time":{"type":"string","description":"Time of last update","description_kind":"plain","computed":true}},"description":"The Account Authentication resource allows the creation and management of an Aiven Account Authentications.","description_kind":"plain"}},"aiven_account_team":{"version":0,"block":{"attributes":{"account_id":{"type":"string","description":"The unique account id","description_kind":"plain","required":true},"create_time":{"type":"string","description":"Time of creation","description_kind":"plain","computed":true},"id":{"type":"string","description_kind":"plain","optional":true,"computed":true},"name":{"type":"string","description":"The account team name","description_kind":"plain","required":true},"team_id":{"type":"string","description":"The auto-generated unique account team id","description_kind":"plain","computed":true},"update_time":{"type":"string","description":"Time of last update","description_kind":"plain","computed":true}},"description":"The Account Team resource allows the creation and management of an Account Team.","description_kind":"plain"}},"aiven_account_team_member":{"version":0,"block":{"attributes":{"accepted":{"type":"bool","description":"is a boolean flag that determines whether an invitation was accepted or not by the user. `false` value means that the invitation was sent to the user but not yet accepted. `true` means that the user accepted the invitation and now a member of an account team.","description_kind":"plain","computed":true},"account_id":{"type":"string","description":"The unique account id This property cannot be changed, doing so forces recreation of the resource.","description_kind":"plain","required":true},"create_time":{"type":"string","description":"Time of creation","description_kind":"plain","computed":true},"id":{"type":"string","description_kind":"plain","optional":true,"computed":true},"invited_by_user_email":{"type":"string","description":"The email address that invited this user.","description_kind":"plain","computed":true},"team_id":{"type":"string","description":"An account team id This property cannot be changed, doing so forces recreation of the resource.","description_kind":"plain","required":true},"user_email":{"type":"string","description":"Is a user email address that first will be invited, and after accepting an invitation, he or she becomes a member of a team. This property cannot be changed, doing so forces recreation of the resource.","description_kind":"plain","required":true}},"description":"\nThe Account Team Member resource allows the creation and management of an Aiven Account Team Member.\n\nDuring the creation of `aiven_account_team_member`resource, an email invitation will be sent\nto a user using `user_email` address. If the user accepts an invitation, he or she will become\na member of the account team. The deletion of `aiven_account_team_member` will not only\ndelete the invitation if one was sent but not yet accepted by the user, it will also \neliminate an account team member if one has accepted an invitation previously.\n","description_kind":"plain"}},"aiven_account_team_project":{"version":0,"block":{"attributes":{"account_id":{"type":"string","description":"The unique account id","description_kind":"plain","required":true},"id":{"type":"string","description_kind":"plain","optional":true,"computed":true},"project_name":{"type":"string","description":"The name of an already existing project","description_kind":"plain","optional":true},"team_id":{"type":"string","description":"An account team id","description_kind":"plain","required":true},"team_type":{"type":"string","description":"The Account team project type The possible values are `admin`, `developer`, `operator` and `read_only`.","description_kind":"plain","optional":true}},"description":"\nThe Account Team Project resource allows the creation and management of an Account Team Project.\n\nIt is intended to link an existing project to the existing account team.\nIt is important to note that the project should have an `account_id` property set equal to the\naccount team you are trying to link to this project.\n","description_kind":"plain"}},"aiven_aws_privatelink":{"version":0,"block":{"attributes":{"aws_service_id":{"type":"string","description":"AWS service ID","description_kind":"plain","computed":true},"aws_service_name":{"type":"string","description":"AWS service name","description_kind":"plain","computed":true},"id":{"type":"string","description_kind":"plain","optional":true,"computed":true},"principals":{"type":["set","string"],"description":"List of allowed principals","description_kind":"plain","required":true},"project":{"type":"string","description":"Identifies the project this resource belongs to. To set up proper dependencies please refer to this variable as a reference. This property cannot be changed, doing so forces recreation of the resource.","description_kind":"plain","required":true},"service_name":{"type":"string","description":"Specifies the name of the service that this resource belongs to. To set up proper dependencies please refer to this variable as a reference. This property cannot be changed, doing so forces recreation of the resource.","description_kind":"plain","required":true}},"block_types":{"timeouts":{"nesting_mode":"single","block":{"attributes":{"create":{"type":"string","description_kind":"plain","optional":true},"update":{"type":"string","description_kind":"plain","optional":true}},"description_kind":"plain"}}},"description":"The AWS Privatelink resource allows the creation and management of Aiven AWS Privatelink for a services.","description_kind":"plain"}},"aiven_azure_privatelink":{"version":0,"block":{"attributes":{"azure_service_alias":{"type":"string","description":"Azure Privatelink service alias","description_kind":"plain","computed":true},"azure_service_id":{"type":"string","description":"Azure Privatelink service ID","description_kind":"plain","computed":true},"id":{"type":"string","description_kind":"plain","optional":true,"computed":true},"message":{"type":"string","description":"Printable result of the Azure Privatelink request","description_kind":"plain","computed":true},"project":{"type":"string","description":"Identifies the project this resource belongs to. To set up proper dependencies please refer to this variable as a reference. This property cannot be changed, doing so forces recreation of the resource.","description_kind":"plain","required":true},"service_name":{"type":"string","description":"Specifies the name of the service that this resource belongs to. To set up proper dependencies please refer to this variable as a reference. This property cannot be changed, doing so forces recreation of the resource.","description_kind":"plain","required":true},"state":{"type":"string","description":"Privatelink resource state","description_kind":"plain","computed":true},"user_subscription_ids":{"type":["set","string"],"description":"A List of allowed Subscription IDs Maximum Length: `16`.","description_kind":"plain","required":true}},"block_types":{"timeouts":{"nesting_mode":"single","block":{"attributes":{"create":{"type":"string","description_kind":"plain","optional":true},"delete":{"type":"string","description_kind":"plain","optional":true},"update":{"type":"string","description_kind":"plain","optional":true}},"description_kind":"plain"}}},"description":"The Azure Privatelink resource allows the creation and management of Aiven Azure Privatelink for a services.","description_kind":"plain"}},"aiven_billing_group":{"version":0,"block":{"attributes":{"account_id":{"type":"string","description":"Account id","description_kind":"plain","optional":true},"address_lines":{"type":["set","string"],"description":"Address lines","description_kind":"plain","optional":true},"billing_currency":{"type":"string","description":"Billing currency","description_kind":"plain","optional":true},"billing_emails":{"type":["set","string"],"description":"Billing contact emails","description_kind":"plain","optional":true},"billing_extra_text":{"type":"string","description":"Billing extra text","description_kind":"plain","optional":true},"card_id":{"type":"string","description":"Credit card id","description_kind":"plain","optional":true},"city":{"type":"string","description":"City","description_kind":"plain","optional":true},"company":{"type":"string","description":"Company name","description_kind":"plain","optional":true},"country_code":{"type":"string","description":"Country code","description_kind":"plain","optional":true},"id":{"type":"string","description_kind":"plain","optional":true,"computed":true},"name":{"type":"string","description":"Billing Group name","description_kind":"plain","required":true},"state":{"type":"string","description":"State","description_kind":"plain","optional":true},"vat_id":{"type":"string","description":"VAT id","description_kind":"plain","optional":true},"zip_code":{"type":"string","description":"Zip Code","description_kind":"plain","optional":true}},"description":"The Billing Group resource allows the creation and management of Aiven Billing Groups and association with the Projects.","description_kind":"plain"}},"aiven_cassandra":{"version":0,"block":{"attributes":{"cassandra":{"type":["list",["object",{}]],"description":"Cassandra server provided values","description_kind":"plain","computed":true},"cloud_name":{"type":"string","description":"Defines where the cloud provider and region where the service is hosted in. This can be changed freely after service is created. Changing the value will trigger a potentially lengthy migration process for the service. Format is cloud provider name (`aws`, `azure`, `do` `google`, `upcloud`, etc.), dash, and the cloud provider specific region name. These are documented on each Cloud provider's own support articles, like [here for Google](https://cloud.google.com/compute/docs/regions-zones/) and [here for AWS](https://docs.aws.amazon.com/AmazonRDS/latest/UserGuide/Concepts.RegionsAndAvailabilityZones.html).","description_kind":"plain","optional":true},"components":{"type":["list",["object",{"component":"string","host":"string","kafka_authentication_method":"string","port":"number","route":"string","ssl":"bool","usage":"string"}]],"description":"Service component information objects","description_kind":"plain","computed":true},"id":{"type":"string","description_kind":"plain","optional":true,"computed":true},"maintenance_window_dow":{"type":"string","description":"Day of week when maintenance operations should be performed. One monday, tuesday, wednesday, etc.","description_kind":"plain","optional":true},"maintenance_window_time":{"type":"string","description":"Time of day when maintenance operations should be performed. UTC time in HH:mm:ss format.","description_kind":"plain","optional":true},"plan":{"type":"string","description":"Defines what kind of computing resources are allocated for the service. It can be changed after creation, though there are some restrictions when going to a smaller plan such as the new plan must have sufficient amount of disk space to store all current data and switching to a plan with fewer nodes might not be supported. The basic plan names are `hobbyist`, `startup-x`, `business-x` and `premium-x` where `x` is (roughly) the amount of memory on each node (also other attributes like number of CPUs and amount of disk space varies but naming is based on memory). The available options can be seem from the [Aiven pricing page](https://aiven.io/pricing).","description_kind":"plain","optional":true},"project":{"type":"string","description":"Identifies the project this resource belongs to. To set up proper dependencies please refer to this variable as a reference. This property cannot be changed, doing so forces recreation of the resource.","description_kind":"plain","required":true},"project_vpc_id":{"type":"string","description":"Specifies the VPC the service should run in. If the value is not set the service is not run inside a VPC. When set, the value should be given as a reference to set up dependencies correctly and the VPC must be in the same cloud and region as the service itself. Project can be freely moved to and from VPC after creation but doing so triggers migration to new servers so the operation can take significant amount of time to complete if the service has a lot of data.","description_kind":"plain","optional":true},"service_host":{"type":"string","description":"The hostname of the service.","description_kind":"plain","computed":true},"service_name":{"type":"string","description":"Specifies the actual name of the service. The name cannot be changed later without destroying and re-creating the service so name should be picked based on intended service usage rather than current attributes.","description_kind":"plain","required":true},"service_password":{"type":"string","description":"Password used for connecting to the service, if applicable","description_kind":"plain","computed":true,"sensitive":true},"service_port":{"type":"number","description":"The port of the service","description_kind":"plain","computed":true},"service_type":{"type":"string","description":"Aiven internal service type code","description_kind":"plain","computed":true},"service_uri":{"type":"string","description":"URI for connecting to the service. Service specific info is under \"kafka\", \"pg\", etc.","description_kind":"plain","computed":true,"sensitive":true},"service_username":{"type":"string","description":"Username used for connecting to the service, if applicable","description_kind":"plain","computed":true},"state":{"type":"string","description":"Service state. One of `POWEROFF`, `REBALANCING`, `REBUILDING` or `RUNNING`.","description_kind":"plain","computed":true},"termination_protection":{"type":"bool","description":"Prevents the service from being deleted. It is recommended to set this to `true` for all production services to prevent unintentional service deletion. This does not shield against deleting databases or topics but for services with backups much of the content can at least be restored from backup in case accidental deletion is done.","description_kind":"plain","optional":true}},"block_types":{"cassandra_user_config":{"nesting_mode":"list","block":{"attributes":{"cassandra_version":{"type":"string","description":"Cassandra major version","description_kind":"plain","optional":true},"ip_filter":{"type":["list","string"],"description":"IP filter","description_kind":"plain","optional":true},"migrate_sstableloader":{"type":"string","description":"Migration mode for the sstableloader utility","description_kind":"plain","optional":true},"project_to_fork_from":{"type":"string","description":"Name of another project to fork a service from. This has effect only when a new service is being created.","description_kind":"plain","optional":true},"service_to_fork_from":{"type":"string","description":"Name of another service to fork from. This has effect only when a new service is being created.","description_kind":"plain","optional":true},"static_ips":{"type":"string","description":"Static IP addresses","description_kind":"plain","optional":true}},"block_types":{"cassandra":{"nesting_mode":"list","block":{"attributes":{"batch_size_fail_threshold_in_kb":{"type":"string","description":"batch_size_fail_threshold_in_kb","description_kind":"plain","optional":true},"batch_size_warn_threshold_in_kb":{"type":"string","description":"batch_size_warn_threshold_in_kb","description_kind":"plain","optional":true}},"description":"cassandra configuration values","description_kind":"plain"},"max_items":1},"private_access":{"nesting_mode":"list","block":{"attributes":{"prometheus":{"type":"string","description":"Allow clients to connect to prometheus with a DNS name that always resolves to the service's private IP addresses. Only available in certain network locations","description_kind":"plain","optional":true}},"description":"Allow access to selected service ports from private networks","description_kind":"plain"},"max_items":1},"public_access":{"nesting_mode":"list","block":{"attributes":{"prometheus":{"type":"string","description":"Allow clients to connect to prometheus from the public internet for service nodes that are in a project VPC or another type of private network","description_kind":"plain","optional":true}},"description":"Allow access to selected service ports from the public Internet","description_kind":"plain"},"max_items":1}},"description":"Cassandra user configurable settings","description_kind":"plain"},"max_items":1},"service_integrations":{"nesting_mode":"list","block":{"attributes":{"integration_type":{"type":"string","description":"Type of the service integration. The only supported value at the moment is `read_replica`","description_kind":"plain","required":true},"source_service_name":{"type":"string","description":"Name of the source service","description_kind":"plain","required":true}},"description":"Service integrations to specify when creating a service. Not applied after initial service creation","description_kind":"plain"}},"timeouts":{"nesting_mode":"single","block":{"attributes":{"create":{"type":"string","description_kind":"plain","optional":true},"update":{"type":"string","description_kind":"plain","optional":true}},"description_kind":"plain"}}},"description":"The Cassandra resource allows the creation and management of Aiven Cassandra services.","description_kind":"plain"}},"aiven_connection_pool":{"version":0,"block":{"attributes":{"connection_uri":{"type":"string","description":"The URI for connecting to the pool","description_kind":"plain","computed":true,"sensitive":true},"database_name":{"type":"string","description":"The name of the database the pool connects to. To set up proper dependencies please refer to this variable as a reference. This property cannot be changed, doing so forces recreation of the resource.","description_kind":"plain","required":true},"id":{"type":"string","description_kind":"plain","optional":true,"computed":true},"pool_mode":{"type":"string","description":"The mode the pool operates in The possible values are `session`, `transaction` and `statement`. The default value is `transaction`.","description_kind":"plain","optional":true},"pool_name":{"type":"string","description":"The name of the created pool. This property cannot be changed, doing so forces recreation of the resource.","description_kind":"plain","required":true},"pool_size":{"type":"number","description":"The number of connections the pool may create towards the backend server. This does not affect the number of incoming connections, which is always a much larger number. The default value is `10`.","description_kind":"plain","optional":true},"project":{"type":"string","description":"Identifies the project this resource belongs to. To set up proper dependencies please refer to this variable as a reference. This property cannot be changed, doing so forces recreation of the resource.","description_kind":"plain","required":true},"service_name":{"type":"string","description":"Specifies the name of the service that this resource belongs to. To set up proper dependencies please refer to this variable as a reference. This property cannot be changed, doing so forces recreation of the resource.","description_kind":"plain","required":true},"username":{"type":"string","description":"The name of the service user used to connect to the database. To set up proper dependencies please refer to this variable as a reference.","description_kind":"plain","optional":true}},"description":"The Connection Pool resource allows the creation and management of Aiven Connection Pools.","description_kind":"plain"}},"aiven_database":{"version":0,"block":{"attributes":{"database_name":{"type":"string","description":"The name of the service database. This property cannot be changed, doing so forces recreation of the resource.","description_kind":"plain","required":true},"id":{"type":"string","description_kind":"plain","optional":true,"computed":true},"lc_collate":{"type":"string","description":"Default string sort order (`LC_COLLATE`) of the database. The default value is `en_US.UTF-8`. This property cannot be changed, doing so forces recreation of the resource.","description_kind":"plain","optional":true},"lc_ctype":{"type":"string","description":"Default character classification (`LC_CTYPE`) of the database. The default value is `en_US.UTF-8`. This property cannot be changed, doing so forces recreation of the resource.","description_kind":"plain","optional":true},"project":{"type":"string","description":"Identifies the project this resource belongs to. To set up proper dependencies please refer to this variable as a reference. This property cannot be changed, doing so forces recreation of the resource.","description_kind":"plain","required":true},"service_name":{"type":"string","description":"Specifies the name of the service that this resource belongs to. To set up proper dependencies please refer to this variable as a reference. This property cannot be changed, doing so forces recreation of the resource.","description_kind":"plain","required":true},"termination_protection":{"type":"bool","description":"It is a Terraform client-side deletion protections, which prevents the database from being deleted by Terraform. It is recommended to enable this for any production databases containing critical data. The default value is `false`.","description_kind":"plain","optional":true}},"block_types":{"timeouts":{"nesting_mode":"single","block":{"attributes":{"delete":{"type":"string","description_kind":"plain","optional":true}},"description_kind":"plain"}}},"description":"The Database resource allows the creation and management of Aiven Databases.","description_kind":"plain"}},"aiven_elasticsearch":{"version":0,"block":{"attributes":{"cloud_name":{"type":"string","description":"Defines where the cloud provider and region where the service is hosted in. This can be changed freely after service is created. Changing the value will trigger a potentially lengthy migration process for the service. Format is cloud provider name (`aws`, `azure`, `do` `google`, `upcloud`, etc.), dash, and the cloud provider specific region name. These are documented on each Cloud provider's own support articles, like [here for Google](https://cloud.google.com/compute/docs/regions-zones/) and [here for AWS](https://docs.aws.amazon.com/AmazonRDS/latest/UserGuide/Concepts.RegionsAndAvailabilityZones.html).","description_kind":"plain","optional":true},"components":{"type":["list",["object",{"component":"string","host":"string","kafka_authentication_method":"string","port":"number","route":"string","ssl":"bool","usage":"string"}]],"description":"Service component information objects","description_kind":"plain","computed":true},"elasticsearch":{"type":["list",["object",{"kibana_uri":"string"}]],"description":"Elasticsearch server provided values","description_kind":"plain","computed":true},"id":{"type":"string","description_kind":"plain","optional":true,"computed":true},"maintenance_window_dow":{"type":"string","description":"Day of week when maintenance operations should be performed. One monday, tuesday, wednesday, etc.","description_kind":"plain","optional":true},"maintenance_window_time":{"type":"string","description":"Time of day when maintenance operations should be performed. UTC time in HH:mm:ss format.","description_kind":"plain","optional":true},"plan":{"type":"string","description":"Defines what kind of computing resources are allocated for the service. It can be changed after creation, though there are some restrictions when going to a smaller plan such as the new plan must have sufficient amount of disk space to store all current data and switching to a plan with fewer nodes might not be supported. The basic plan names are `hobbyist`, `startup-x`, `business-x` and `premium-x` where `x` is (roughly) the amount of memory on each node (also other attributes like number of CPUs and amount of disk space varies but naming is based on memory). The available options can be seem from the [Aiven pricing page](https://aiven.io/pricing).","description_kind":"plain","optional":true},"project":{"type":"string","description":"Identifies the project this resource belongs to. To set up proper dependencies please refer to this variable as a reference. This property cannot be changed, doing so forces recreation of the resource.","description_kind":"plain","required":true},"project_vpc_id":{"type":"string","description":"Specifies the VPC the service should run in. If the value is not set the service is not run inside a VPC. When set, the value should be given as a reference to set up dependencies correctly and the VPC must be in the same cloud and region as the service itself. Project can be freely moved to and from VPC after creation but doing so triggers migration to new servers so the operation can take significant amount of time to complete if the service has a lot of data.","description_kind":"plain","optional":true},"service_host":{"type":"string","description":"The hostname of the service.","description_kind":"plain","computed":true},"service_name":{"type":"string","description":"Specifies the actual name of the service. The name cannot be changed later without destroying and re-creating the service so name should be picked based on intended service usage rather than current attributes.","description_kind":"plain","required":true},"service_password":{"type":"string","description":"Password used for connecting to the service, if applicable","description_kind":"plain","computed":true,"sensitive":true},"service_port":{"type":"number","description":"The port of the service","description_kind":"plain","computed":true},"service_type":{"type":"string","description":"Aiven internal service type code","description_kind":"plain","computed":true},"service_uri":{"type":"string","description":"URI for connecting to the service. Service specific info is under \"kafka\", \"pg\", etc.","description_kind":"plain","computed":true,"sensitive":true},"service_username":{"type":"string","description":"Username used for connecting to the service, if applicable","description_kind":"plain","computed":true},"state":{"type":"string","description":"Service state. One of `POWEROFF`, `REBALANCING`, `REBUILDING` or `RUNNING`.","description_kind":"plain","computed":true},"termination_protection":{"type":"bool","description":"Prevents the service from being deleted. It is recommended to set this to `true` for all production services to prevent unintentional service deletion. This does not shield against deleting databases or topics but for services with backups much of the content can at least be restored from backup in case accidental deletion is done.","description_kind":"plain","optional":true}},"block_types":{"elasticsearch_user_config":{"nesting_mode":"list","block":{"attributes":{"custom_domain":{"type":"string","description":"Custom domain","description_kind":"plain","optional":true},"disable_replication_factor_adjustment":{"type":"string","description":"Disable replication factor adjustment","description_kind":"plain","optional":true},"elasticsearch_version":{"type":"string","description":"Elasticsearch major version","description_kind":"plain","optional":true},"ip_filter":{"type":["list","string"],"description":"IP filter","description_kind":"plain","optional":true},"keep_index_refresh_interval":{"type":"string","description":"Don't reset index.refresh_interval to the default value","description_kind":"plain","optional":true},"max_index_count":{"type":"string","description":"Maximum index count","description_kind":"plain","optional":true},"opensearch_version":{"type":"string","description":"OpenSearch major version","description_kind":"plain","optional":true},"project_to_fork_from":{"type":"string","description":"Name of another project to fork a service from. This has effect only when a new service is being created.","description_kind":"plain","optional":true},"recovery_basebackup_name":{"type":"string","description":"Name of the basebackup to restore in forked service","description_kind":"plain","optional":true},"service_to_fork_from":{"type":"string","description":"Name of another service to fork from. This has effect only when a new service is being created.","description_kind":"plain","optional":true},"static_ips":{"type":"string","description":"Static IP addresses","description_kind":"plain","optional":true}},"block_types":{"elasticsearch":{"nesting_mode":"list","block":{"attributes":{"action_auto_create_index_enabled":{"type":"string","description":"action.auto_create_index","description_kind":"plain","optional":true},"action_destructive_requires_name":{"type":"string","description":"Require explicit index names when deleting","description_kind":"plain","optional":true},"cluster_max_shards_per_node":{"type":"string","description":"cluster.max_shards_per_node","description_kind":"plain","optional":true},"http_max_content_length":{"type":"string","description":"http.max_content_length","description_kind":"plain","optional":true},"http_max_header_size":{"type":"string","description":"http.max_header_size","description_kind":"plain","optional":true},"http_max_initial_line_length":{"type":"string","description":"http.max_initial_line_length","description_kind":"plain","optional":true},"indices_fielddata_cache_size":{"type":"string","description":"indices.fielddata.cache.size","description_kind":"plain","optional":true},"indices_memory_index_buffer_size":{"type":"string","description":"indices.memory.index_buffer_size","description_kind":"plain","optional":true},"indices_queries_cache_size":{"type":"string","description":"indices.queries.cache.size","description_kind":"plain","optional":true},"indices_query_bool_max_clause_count":{"type":"string","description":"indices.query.bool.max_clause_count","description_kind":"plain","optional":true},"reindex_remote_whitelist":{"type":["list","string"],"description":"reindex_remote_whitelist","description_kind":"plain","optional":true},"search_max_buckets":{"type":"string","description":"search.max_buckets","description_kind":"plain","optional":true},"thread_pool_analyze_queue_size":{"type":"string","description":"analyze thread pool queue size","description_kind":"plain","optional":true},"thread_pool_analyze_size":{"type":"string","description":"analyze thread pool size","description_kind":"plain","optional":true},"thread_pool_force_merge_size":{"type":"string","description":"force_merge thread pool size","description_kind":"plain","optional":true},"thread_pool_get_queue_size":{"type":"string","description":"get thread pool queue size","description_kind":"plain","optional":true},"thread_pool_get_size":{"type":"string","description":"get thread pool size","description_kind":"plain","optional":true},"thread_pool_index_queue_size":{"type":"string","description":"index thread pool queue size","description_kind":"plain","optional":true},"thread_pool_index_size":{"type":"string","description":"index thread pool size","description_kind":"plain","optional":true},"thread_pool_search_queue_size":{"type":"string","description":"search thread pool queue size","description_kind":"plain","optional":true},"thread_pool_search_size":{"type":"string","description":"search thread pool size","description_kind":"plain","optional":true},"thread_pool_search_throttled_queue_size":{"type":"string","description":"search_throttled thread pool queue size","description_kind":"plain","optional":true},"thread_pool_search_throttled_size":{"type":"string","description":"search_throttled thread pool size","description_kind":"plain","optional":true},"thread_pool_write_queue_size":{"type":"string","description":"write thread pool queue size","description_kind":"plain","optional":true},"thread_pool_write_size":{"type":"string","description":"write thread pool size","description_kind":"plain","optional":true}},"description":"Elasticsearch settings","description_kind":"plain"},"max_items":1},"index_patterns":{"nesting_mode":"list","block":{"attributes":{"max_index_count":{"type":"string","description":"Maximum number of indexes to keep","description_kind":"plain","optional":true},"pattern":{"type":"string","description":"fnmatch pattern","description_kind":"plain","optional":true},"sorting_algorithm":{"type":"string","description":"Deletion sorting algorithm","description_kind":"plain","optional":true}},"description":"Index patterns","description_kind":"plain"},"max_items":512},"index_template":{"nesting_mode":"list","block":{"attributes":{"mapping_nested_objects_limit":{"type":"string","description":"index.mapping.nested_objects.limit","description_kind":"plain","optional":true},"number_of_replicas":{"type":"string","description":"index.number_of_replicas","description_kind":"plain","optional":true},"number_of_shards":{"type":"string","description":"index.number_of_shards","description_kind":"plain","optional":true}},"description":"Template settings for all new indexes","description_kind":"plain"},"max_items":1},"kibana":{"nesting_mode":"list","block":{"attributes":{"elasticsearch_request_timeout":{"type":"string","description":"Timeout in milliseconds for requests made by Kibana towards Elasticsearch","description_kind":"plain","optional":true},"enabled":{"type":"string","description":"Enable or disable Kibana","description_kind":"plain","optional":true},"max_old_space_size":{"type":"string","description":"max_old_space_size","description_kind":"plain","optional":true}},"description":"Kibana settings","description_kind":"plain"},"max_items":1},"private_access":{"nesting_mode":"list","block":{"attributes":{"elasticsearch":{"type":"string","description":"Allow clients to connect to elasticsearch with a DNS name that always resolves to the service's private IP addresses. Only available in certain network locations","description_kind":"plain","optional":true},"kibana":{"type":"string","description":"Allow clients to connect to kibana with a DNS name that always resolves to the service's private IP addresses. Only available in certain network locations","description_kind":"plain","optional":true},"prometheus":{"type":"string","description":"Allow clients to connect to prometheus with a DNS name that always resolves to the service's private IP addresses. Only available in certain network locations","description_kind":"plain","optional":true}},"description":"Allow access to selected service ports from private networks","description_kind":"plain"},"max_items":1},"privatelink_access":{"nesting_mode":"list","block":{"attributes":{"elasticsearch":{"type":"string","description":"Enable elasticsearch","description_kind":"plain","optional":true},"kibana":{"type":"string","description":"Enable kibana","description_kind":"plain","optional":true}},"description":"Allow access to selected service components through Privatelink","description_kind":"plain"},"max_items":1},"public_access":{"nesting_mode":"list","block":{"attributes":{"elasticsearch":{"type":"string","description":"Allow clients to connect to elasticsearch from the public internet for service nodes that are in a project VPC or another type of private network","description_kind":"plain","optional":true},"kibana":{"type":"string","description":"Allow clients to connect to kibana from the public internet for service nodes that are in a project VPC or another type of private network","description_kind":"plain","optional":true},"prometheus":{"type":"string","description":"Allow clients to connect to prometheus from the public internet for service nodes that are in a project VPC or another type of private network","description_kind":"plain","optional":true}},"description":"Allow access to selected service ports from the public Internet","description_kind":"plain"},"max_items":1}},"description":"Elasticsearch user configurable settings","description_kind":"plain"},"max_items":1},"service_integrations":{"nesting_mode":"list","block":{"attributes":{"integration_type":{"type":"string","description":"Type of the service integration. The only supported value at the moment is `read_replica`","description_kind":"plain","required":true},"source_service_name":{"type":"string","description":"Name of the source service","description_kind":"plain","required":true}},"description":"Service integrations to specify when creating a service. Not applied after initial service creation","description_kind":"plain"}},"timeouts":{"nesting_mode":"single","block":{"attributes":{"create":{"type":"string","description_kind":"plain","optional":true},"update":{"type":"string","description_kind":"plain","optional":true}},"description_kind":"plain"}}},"description":"The Elasticsearch resource allows the creation and management of Aiven Elasticsearch services.","description_kind":"plain","deprecated":true}},"aiven_elasticsearch_acl":{"version":0,"block":{"attributes":{"enabled":{"type":"bool","description":"Enable Elasticsearch ACLs. When disabled authenticated service users have unrestricted access. The default value is `true`.","description_kind":"plain","optional":true},"extended_acl":{"type":"bool","description":"Index rules can be applied in a limited fashion to the _mget, _msearch and _bulk APIs (and only those) by enabling the ExtendedAcl option for the service. When it is enabled, users can use these APIs as long as all operations only target indexes they have been granted access to. The default value is `true`.","description_kind":"plain","optional":true},"id":{"type":"string","description_kind":"plain","optional":true,"computed":true},"project":{"type":"string","description":"Identifies the project this resource belongs to. To set up proper dependencies please refer to this variable as a reference. This property cannot be changed, doing so forces recreation of the resource.","description_kind":"plain","required":true},"service_name":{"type":"string","description":"Specifies the name of the service that this resource belongs to. To set up proper dependencies please refer to this variable as a reference. This property cannot be changed, doing so forces recreation of the resource.","description_kind":"plain","required":true}},"block_types":{"acl":{"nesting_mode":"set","block":{"attributes":{"username":{"type":"string","description":"Username for the ACL entry. Maximum Length: `40`.","description_kind":"plain","required":true}},"block_types":{"rule":{"nesting_mode":"set","block":{"attributes":{"index":{"type":"string","description":"Elasticsearch index pattern. Maximum Length: `249`.","description_kind":"plain","required":true},"permission":{"type":"string","description":"Elasticsearch permission. The possible values are `deny`, `admin`, `read`, `readwrite` and `write`.","description_kind":"plain","required":true}},"description":"Elasticsearch rules.","description_kind":"plain"},"min_items":1}},"description":"List of Elasticsearch ACLs","description_kind":"plain"}}},"description":"\n**This resource is deprecated, please use `aiven_elasticsearch_acl_config`and `aiven_elasticsearch_acl_rule`**\n\nThe Elasticsearch ACL resource allows the creation and management of ACLs for an Aiven Elasticsearch service.\n","description_kind":"plain","deprecated":true}},"aiven_elasticsearch_acl_config":{"version":0,"block":{"attributes":{"enabled":{"type":"bool","description":"Enable Elasticsearch ACLs. When disabled authenticated service users have unrestricted access The default value is `true`.","description_kind":"plain","optional":true},"extended_acl":{"type":"bool","description":"Index rules can be applied in a limited fashion to the _mget, _msearch and _bulk APIs (and only those) by enabling the ExtendedAcl option for the service. When it is enabled, users can use these APIs as long as all operations only target indexes they have been granted access to The default value is `10`.","description_kind":"plain","optional":true},"id":{"type":"string","description_kind":"plain","optional":true,"computed":true},"project":{"type":"string","description":"Identifies the project this resource belongs to. To set up proper dependencies please refer to this variable as a reference. This property cannot be changed, doing so forces recreation of the resource.","description_kind":"plain","required":true},"service_name":{"type":"string","description":"Specifies the name of the service that this resource belongs to. To set up proper dependencies please refer to this variable as a reference. This property cannot be changed, doing so forces recreation of the resource.","description_kind":"plain","required":true}},"description":"The Elasticsearch ACL Config resource allows the configuration of ACL management on an Aiven Elasticsearch service.","description_kind":"plain"}},"aiven_elasticsearch_acl_rule":{"version":0,"block":{"attributes":{"id":{"type":"string","description_kind":"plain","optional":true,"computed":true},"index":{"type":"string","description":"The index pattern for the ACL entry. Maximum Length: `249`. This property cannot be changed, doing so forces recreation of the resource.","description_kind":"plain","required":true},"permission":{"type":"string","description":"The permission for the ACL entry. The possible values are `deny`, `admin`, `read`, `readwrite` and `write`.","description_kind":"plain","required":true},"project":{"type":"string","description":"Identifies the project this resource belongs to. To set up proper dependencies please refer to this variable as a reference. This property cannot be changed, doing so forces recreation of the resource.","description_kind":"plain","required":true},"service_name":{"type":"string","description":"Specifies the name of the service that this resource belongs to. To set up proper dependencies please refer to this variable as a reference. This property cannot be changed, doing so forces recreation of the resource.","description_kind":"plain","required":true},"username":{"type":"string","description":"The username for the ACL entry. Maximum Length: `40`. To set up proper dependencies please refer to this variable as a reference. This property cannot be changed, doing so forces recreation of the resource.","description_kind":"plain","required":true}},"description":"The Elasticsearch ACL Rule resource models a single ACL Rule for an Aiven Elasticsearch service.","description_kind":"plain"}},"aiven_flink":{"version":0,"block":{"attributes":{"cloud_name":{"type":"string","description":"Defines where the cloud provider and region where the service is hosted in. This can be changed freely after service is created. Changing the value will trigger a potentially lengthy migration process for the service. Format is cloud provider name (`aws`, `azure`, `do` `google`, `upcloud`, etc.), dash, and the cloud provider specific region name. These are documented on each Cloud provider's own support articles, like [here for Google](https://cloud.google.com/compute/docs/regions-zones/) and [here for AWS](https://docs.aws.amazon.com/AmazonRDS/latest/UserGuide/Concepts.RegionsAndAvailabilityZones.html).","description_kind":"plain","optional":true},"components":{"type":["list",["object",{"component":"string","host":"string","kafka_authentication_method":"string","port":"number","route":"string","ssl":"bool","usage":"string"}]],"description":"Service component information objects","description_kind":"plain","computed":true},"id":{"type":"string","description_kind":"plain","optional":true,"computed":true},"maintenance_window_dow":{"type":"string","description":"Day of week when maintenance operations should be performed. One monday, tuesday, wednesday, etc.","description_kind":"plain","optional":true},"maintenance_window_time":{"type":"string","description":"Time of day when maintenance operations should be performed. UTC time in HH:mm:ss format.","description_kind":"plain","optional":true},"plan":{"type":"string","description":"Defines what kind of computing resources are allocated for the service. It can be changed after creation, though there are some restrictions when going to a smaller plan such as the new plan must have sufficient amount of disk space to store all current data and switching to a plan with fewer nodes might not be supported. The basic plan names are `hobbyist`, `startup-x`, `business-x` and `premium-x` where `x` is (roughly) the amount of memory on each node (also other attributes like number of CPUs and amount of disk space varies but naming is based on memory). The available options can be seem from the [Aiven pricing page](https://aiven.io/pricing).","description_kind":"plain","optional":true},"project":{"type":"string","description":"Identifies the project this resource belongs to. To set up proper dependencies please refer to this variable as a reference. This property cannot be changed, doing so forces recreation of the resource.","description_kind":"plain","required":true},"project_vpc_id":{"type":"string","description":"Specifies the VPC the service should run in. If the value is not set the service is not run inside a VPC. When set, the value should be given as a reference to set up dependencies correctly and the VPC must be in the same cloud and region as the service itself. Project can be freely moved to and from VPC after creation but doing so triggers migration to new servers so the operation can take significant amount of time to complete if the service has a lot of data.","description_kind":"plain","optional":true},"service_host":{"type":"string","description":"The hostname of the service.","description_kind":"plain","computed":true},"service_name":{"type":"string","description":"Specifies the actual name of the service. The name cannot be changed later without destroying and re-creating the service so name should be picked based on intended service usage rather than current attributes.","description_kind":"plain","required":true},"service_password":{"type":"string","description":"Password used for connecting to the service, if applicable","description_kind":"plain","computed":true,"sensitive":true},"service_port":{"type":"number","description":"The port of the service","description_kind":"plain","computed":true},"service_type":{"type":"string","description":"Aiven internal service type code","description_kind":"plain","computed":true},"service_uri":{"type":"string","description":"URI for connecting to the service. Service specific info is under \"kafka\", \"pg\", etc.","description_kind":"plain","computed":true,"sensitive":true},"service_username":{"type":"string","description":"Username used for connecting to the service, if applicable","description_kind":"plain","computed":true},"state":{"type":"string","description":"Service state. One of `POWEROFF`, `REBALANCING`, `REBUILDING` or `RUNNING`.","description_kind":"plain","computed":true},"termination_protection":{"type":"bool","description":"Prevents the service from being deleted. It is recommended to set this to `true` for all production services to prevent unintentional service deletion. This does not shield against deleting databases or topics but for services with backups much of the content can at least be restored from backup in case accidental deletion is done.","description_kind":"plain","optional":true}},"block_types":{"flink":{"nesting_mode":"list","block":{"attributes":{"host_ports":{"type":["list","string"],"description":"Host and Port of a Flink server","description_kind":"plain","optional":true,"computed":true}},"description":"Flink server provided values","description_kind":"plain"},"max_items":1},"flink_user_config":{"nesting_mode":"list","block":{"attributes":{"execution_checkpointing_interval_ms":{"type":"string","description":"Flink execution.checkpointing.interval in milliseconds","description_kind":"plain","optional":true},"execution_checkpointing_timeout_ms":{"type":"string","description":"Flink execution.checkpointing.timeout in milliseconds","description_kind":"plain","optional":true},"flink_version":{"type":"string","description":"Flink major version","description_kind":"plain","optional":true},"ip_filter":{"type":["list","string"],"description":"IP filter","description_kind":"plain","optional":true},"number_of_task_slots":{"type":"string","description":"Flink taskmanager.numberOfTaskSlots","description_kind":"plain","optional":true},"parallelism_default":{"type":"string","description":"Flink parallelism.default","description_kind":"plain","optional":true},"restart_strategy":{"type":"string","description":"Flink restart-strategy","description_kind":"plain","optional":true},"restart_strategy_delay_sec":{"type":"string","description":"Flink restart-strategy.failure-rate.delay in seconds","description_kind":"plain","optional":true},"restart_strategy_failure_rate_interval_min":{"type":"string","description":"Flink restart-strategy.failure-rate.failure-rate-interval in minutes","description_kind":"plain","optional":true},"restart_strategy_max_failures":{"type":"string","description":"Flink restart-strategy.failure-rate.max-failures-per-interval","description_kind":"plain","optional":true}},"description":"Flink user configurable settings","description_kind":"plain"},"max_items":1},"service_integrations":{"nesting_mode":"list","block":{"attributes":{"integration_type":{"type":"string","description":"Type of the service integration. The only supported value at the moment is `read_replica`","description_kind":"plain","required":true},"source_service_name":{"type":"string","description":"Name of the source service","description_kind":"plain","required":true}},"description":"Service integrations to specify when creating a service. Not applied after initial service creation","description_kind":"plain"}},"timeouts":{"nesting_mode":"single","block":{"attributes":{"create":{"type":"string","description_kind":"plain","optional":true},"update":{"type":"string","description_kind":"plain","optional":true}},"description_kind":"plain"}}},"description":"The Flink resource allows the creation and management of Aiven Flink services.","description_kind":"plain"}},"aiven_flink_job":{"version":0,"block":{"attributes":{"id":{"type":"string","description_kind":"plain","optional":true,"computed":true},"job_id":{"type":"string","description":"The Job ID of the flink job in the flink service.","description_kind":"plain","computed":true},"job_name":{"type":"string","description":"Specifies the name of the service that this job is submitted to. To set up proper dependencies please refer to this variable as a reference. This property cannot be changed, doing so forces recreation of the resource.","description_kind":"plain","required":true},"project":{"type":"string","description":"Identifies the project this resource belongs to. To set up proper dependencies please refer to this variable as a reference. This property cannot be changed, doing so forces recreation of the resource.","description_kind":"plain","required":true},"service_name":{"type":"string","description":"Specifies the name of the service that this resource belongs to. To set up proper dependencies please refer to this variable as a reference. This property cannot be changed, doing so forces recreation of the resource.","description_kind":"plain","required":true},"state":{"type":"string","description":"The current state of the flink job in the flink service","description_kind":"plain","computed":true},"statement":{"type":"string","description":"The SQL statement to define the job. This property cannot be changed, doing so forces recreation of the resource.","description_kind":"plain","required":true},"table_id":{"type":["list","string"],"description":"A list of table ids that are required in the job runtime. To set up proper dependencies please refer to this variable as a reference. This property cannot be changed, doing so forces recreation of the resource.","description_kind":"plain","required":true}},"block_types":{"timeouts":{"nesting_mode":"single","block":{"attributes":{"delete":{"type":"string","description_kind":"plain","optional":true},"read":{"type":"string","description_kind":"plain","optional":true}},"description_kind":"plain"}}},"description":"The Flink Job resource allows the creation and management of Aiven Jobs.","description_kind":"plain"}},"aiven_flink_table":{"version":0,"block":{"attributes":{"id":{"type":"string","description_kind":"plain","optional":true,"computed":true},"integration_id":{"type":"string","description":"The id of the service integration that is used with this table. It must have the service integration type `flink`. To set up proper dependencies please refer to this variable as a reference. This property cannot be changed, doing so forces recreation of the resource.","description_kind":"plain","required":true},"jdbc_table":{"type":"string","description":"Name of the jdbc table that is to be connected to this table. Valid if the service integration id refers to a mysql or postgres service. This property cannot be changed, doing so forces recreation of the resource.","description_kind":"plain","optional":true},"kafka_topic":{"type":"string","description":"Name of the kafka topic that is to be connected to this table. Valid if the service integration id refers to a kafka service. This property cannot be changed, doing so forces recreation of the resource.","description_kind":"plain","optional":true},"like_options":{"type":"string","description":"[LIKE](https://nightlies.apache.org/flink/flink-docs-master/docs/dev/table/sql/create/#like) statement for table creation. This property cannot be changed, doing so forces recreation of the resource.","description_kind":"plain","optional":true},"partitioned_by":{"type":"string","description":"A column from the `schema_sql` field to partition this table by. This property cannot be changed, doing so forces recreation of the resource.","description_kind":"plain","optional":true},"project":{"type":"string","description":"Identifies the project this resource belongs to. To set up proper dependencies please refer to this variable as a reference. This property cannot be changed, doing so forces recreation of the resource.","description_kind":"plain","required":true},"schema_sql":{"type":"string","description":"The SQL statement to create the table. This property cannot be changed, doing so forces recreation of the resource.","description_kind":"plain","required":true},"service_name":{"type":"string","description":"Specifies the name of the service that this resource belongs to. To set up proper dependencies please refer to this variable as a reference. This property cannot be changed, doing so forces recreation of the resource.","description_kind":"plain","required":true},"table_id":{"type":"string","description":"The Table ID of the flink table in the flink service.","description_kind":"plain","computed":true},"table_name":{"type":"string","description":"Specifies the name of the table. This property cannot be changed, doing so forces recreation of the resource.","description_kind":"plain","required":true}},"description":"The Flink Table resource allows the creation and management of Aiven Tables.","description_kind":"plain"}},"aiven_grafana":{"version":0,"block":{"attributes":{"cloud_name":{"type":"string","description":"Defines where the cloud provider and region where the service is hosted in. This can be changed freely after service is created. Changing the value will trigger a potentially lengthy migration process for the service. Format is cloud provider name (`aws`, `azure`, `do` `google`, `upcloud`, etc.), dash, and the cloud provider specific region name. These are documented on each Cloud provider's own support articles, like [here for Google](https://cloud.google.com/compute/docs/regions-zones/) and [here for AWS](https://docs.aws.amazon.com/AmazonRDS/latest/UserGuide/Concepts.RegionsAndAvailabilityZones.html).","description_kind":"plain","optional":true},"components":{"type":["list",["object",{"component":"string","host":"string","kafka_authentication_method":"string","port":"number","route":"string","ssl":"bool","usage":"string"}]],"description":"Service component information objects","description_kind":"plain","computed":true},"grafana":{"type":["list",["object",{}]],"description":"Grafana server provided values","description_kind":"plain","computed":true},"id":{"type":"string","description_kind":"plain","optional":true,"computed":true},"maintenance_window_dow":{"type":"string","description":"Day of week when maintenance operations should be performed. One monday, tuesday, wednesday, etc.","description_kind":"plain","optional":true},"maintenance_window_time":{"type":"string","description":"Time of day when maintenance operations should be performed. UTC time in HH:mm:ss format.","description_kind":"plain","optional":true},"plan":{"type":"string","description":"Defines what kind of computing resources are allocated for the service. It can be changed after creation, though there are some restrictions when going to a smaller plan such as the new plan must have sufficient amount of disk space to store all current data and switching to a plan with fewer nodes might not be supported. The basic plan names are `hobbyist`, `startup-x`, `business-x` and `premium-x` where `x` is (roughly) the amount of memory on each node (also other attributes like number of CPUs and amount of disk space varies but naming is based on memory). The available options can be seem from the [Aiven pricing page](https://aiven.io/pricing).","description_kind":"plain","optional":true},"project":{"type":"string","description":"Identifies the project this resource belongs to. To set up proper dependencies please refer to this variable as a reference. This property cannot be changed, doing so forces recreation of the resource.","description_kind":"plain","required":true},"project_vpc_id":{"type":"string","description":"Specifies the VPC the service should run in. If the value is not set the service is not run inside a VPC. When set, the value should be given as a reference to set up dependencies correctly and the VPC must be in the same cloud and region as the service itself. Project can be freely moved to and from VPC after creation but doing so triggers migration to new servers so the operation can take significant amount of time to complete if the service has a lot of data.","description_kind":"plain","optional":true},"service_host":{"type":"string","description":"The hostname of the service.","description_kind":"plain","computed":true},"service_name":{"type":"string","description":"Specifies the actual name of the service. The name cannot be changed later without destroying and re-creating the service so name should be picked based on intended service usage rather than current attributes.","description_kind":"plain","required":true},"service_password":{"type":"string","description":"Password used for connecting to the service, if applicable","description_kind":"plain","computed":true,"sensitive":true},"service_port":{"type":"number","description":"The port of the service","description_kind":"plain","computed":true},"service_type":{"type":"string","description":"Aiven internal service type code","description_kind":"plain","computed":true},"service_uri":{"type":"string","description":"URI for connecting to the service. Service specific info is under \"kafka\", \"pg\", etc.","description_kind":"plain","computed":true,"sensitive":true},"service_username":{"type":"string","description":"Username used for connecting to the service, if applicable","description_kind":"plain","computed":true},"state":{"type":"string","description":"Service state. One of `POWEROFF`, `REBALANCING`, `REBUILDING` or `RUNNING`.","description_kind":"plain","computed":true},"termination_protection":{"type":"bool","description":"Prevents the service from being deleted. It is recommended to set this to `true` for all production services to prevent unintentional service deletion. This does not shield against deleting databases or topics but for services with backups much of the content can at least be restored from backup in case accidental deletion is done.","description_kind":"plain","optional":true}},"block_types":{"grafana_user_config":{"nesting_mode":"list","block":{"attributes":{"alerting_enabled":{"type":"string","description":"Enable or disable Grafana alerting functionality","description_kind":"plain","optional":true},"alerting_error_or_timeout":{"type":"string","description":"Default error or timeout setting for new alerting rules","description_kind":"plain","optional":true},"alerting_max_annotations_to_keep":{"type":"string","description":"Max number of alert annotations that Grafana stores. 0 (default) keeps all alert annotations.","description_kind":"plain","optional":true},"alerting_nodata_or_nullvalues":{"type":"string","description":"Default value for 'no data or null values' for new alerting rules","description_kind":"plain","optional":true},"allow_embedding":{"type":"string","description":"Allow embedding Grafana dashboards with iframe/frame/object/embed tags. Disabled by default to limit impact of clickjacking","description_kind":"plain","optional":true},"auth_basic_enabled":{"type":"string","description":"Enable or disable basic authentication form, used by Grafana built-in login","description_kind":"plain","optional":true},"cookie_samesite":{"type":"string","description":"Cookie SameSite attribute: 'strict' prevents sending cookie for cross-site requests, effectively disabling direct linking from other sites to Grafana. 'lax' is the default value.","description_kind":"plain","optional":true},"custom_domain":{"type":"string","description":"Custom domain","description_kind":"plain","optional":true},"dashboards_min_refresh_interval":{"type":"string","description":"Minimum refresh interval","description_kind":"plain","optional":true},"dashboards_versions_to_keep":{"type":"string","description":"Dashboard versions to keep per dashboard","description_kind":"plain","optional":true},"dataproxy_send_user_header":{"type":"string","description":"Send 'X-Grafana-User' header to data source","description_kind":"plain","optional":true},"dataproxy_timeout":{"type":"string","description":"Timeout for data proxy requests in seconds","description_kind":"plain","optional":true},"disable_gravatar":{"type":"string","description":"Set to true to disable gravatar. Defaults to false (gravatar is enabled)","description_kind":"plain","optional":true},"editors_can_admin":{"type":"string","description":"Editors can manage folders, teams and dashboards created by them","description_kind":"plain","optional":true},"google_analytics_ua_id":{"type":"string","description":"Google Analytics ID","description_kind":"plain","optional":true},"ip_filter":{"type":["list","string"],"description":"IP filter","description_kind":"plain","optional":true},"metrics_enabled":{"type":"string","description":"Enable Grafana /metrics endpoint","description_kind":"plain","optional":true},"project_to_fork_from":{"type":"string","description":"Name of another project to fork a service from. This has effect only when a new service is being created.","description_kind":"plain","optional":true},"recovery_basebackup_name":{"type":"string","description":"Name of the basebackup to restore in forked service","description_kind":"plain","optional":true},"service_to_fork_from":{"type":"string","description":"Name of another service to fork from. This has effect only when a new service is being created.","description_kind":"plain","optional":true},"static_ips":{"type":"string","description":"Static IP addresses","description_kind":"plain","optional":true},"user_auto_assign_org":{"type":"string","description":"Auto-assign new users on signup to main organization. Defaults to false","description_kind":"plain","optional":true},"user_auto_assign_org_role":{"type":"string","description":"Set role for new signups. Defaults to Viewer","description_kind":"plain","optional":true},"viewers_can_edit":{"type":"string","description":"Users with view-only permission can edit but not save dashboards","description_kind":"plain","optional":true}},"block_types":{"auth_azuread":{"nesting_mode":"list","block":{"attributes":{"allow_sign_up":{"type":"string","description":"Automatically sign-up users on successful sign-in","description_kind":"plain","optional":true},"allowed_domains":{"type":["list","string"],"description":"Allowed domains","description_kind":"plain","optional":true},"allowed_groups":{"type":["list","string"],"description":"Require users to belong to one of given groups","description_kind":"plain","optional":true},"auth_url":{"type":"string","description":"Authorization URL","description_kind":"plain","optional":true},"client_id":{"type":"string","description":"Client ID from provider","description_kind":"plain","optional":true},"client_secret":{"type":"string","description":"Client secret from provider","description_kind":"plain","optional":true},"token_url":{"type":"string","description":"Token URL","description_kind":"plain","optional":true}},"description":"Azure AD OAuth integration","description_kind":"plain"},"max_items":1},"auth_generic_oauth":{"nesting_mode":"list","block":{"attributes":{"allow_sign_up":{"type":"string","description":"Automatically sign-up users on successful sign-in","description_kind":"plain","optional":true},"allowed_domains":{"type":["list","string"],"description":"Allowed domains","description_kind":"plain","optional":true},"allowed_organizations":{"type":["list","string"],"description":"Require user to be member of one of the listed organizations","description_kind":"plain","optional":true},"api_url":{"type":"string","description":"API URL","description_kind":"plain","optional":true},"auth_url":{"type":"string","description":"Authorization URL","description_kind":"plain","optional":true},"client_id":{"type":"string","description":"Client ID from provider","description_kind":"plain","optional":true},"client_secret":{"type":"string","description":"Client secret from provider","description_kind":"plain","optional":true},"name":{"type":"string","description":"Name of the OAuth integration","description_kind":"plain","optional":true},"scopes":{"type":["list","string"],"description":"OAuth scopes","description_kind":"plain","optional":true},"token_url":{"type":"string","description":"Token URL","description_kind":"plain","optional":true}},"description":"Generic OAuth integration","description_kind":"plain"},"max_items":1},"auth_github":{"nesting_mode":"list","block":{"attributes":{"allow_sign_up":{"type":"string","description":"Automatically sign-up users on successful sign-in","description_kind":"plain","optional":true},"allowed_organizations":{"type":["list","string"],"description":"Require users to belong to one of given organizations","description_kind":"plain","optional":true},"client_id":{"type":"string","description":"Client ID from provider","description_kind":"plain","optional":true},"client_secret":{"type":"string","description":"Client secret from provider","description_kind":"plain","optional":true},"team_ids":{"type":["list","string"],"description":"Require users to belong to one of given team IDs","description_kind":"plain","optional":true}},"description":"Github Auth integration","description_kind":"plain"},"max_items":1},"auth_gitlab":{"nesting_mode":"list","block":{"attributes":{"allow_sign_up":{"type":"string","description":"Automatically sign-up users on successful sign-in","description_kind":"plain","optional":true},"allowed_groups":{"type":["list","string"],"description":"Require users to belong to one of given groups","description_kind":"plain","optional":true},"api_url":{"type":"string","description":"API URL. This only needs to be set when using self hosted GitLab","description_kind":"plain","optional":true},"auth_url":{"type":"string","description":"Authorization URL. This only needs to be set when using self hosted GitLab","description_kind":"plain","optional":true},"client_id":{"type":"string","description":"Client ID from provider","description_kind":"plain","optional":true},"client_secret":{"type":"string","description":"Client secret from provider","description_kind":"plain","optional":true},"token_url":{"type":"string","description":"Token URL. This only needs to be set when using self hosted GitLab","description_kind":"plain","optional":true}},"description":"GitLab Auth integration","description_kind":"plain"},"max_items":1},"auth_google":{"nesting_mode":"list","block":{"attributes":{"allow_sign_up":{"type":"string","description":"Automatically sign-up users on successful sign-in","description_kind":"plain","optional":true},"allowed_domains":{"type":["list","string"],"description":"Domains allowed to sign-in to this Grafana","description_kind":"plain","optional":true},"client_id":{"type":"string","description":"Client ID from provider","description_kind":"plain","optional":true},"client_secret":{"type":"string","description":"Client secret from provider","description_kind":"plain","optional":true}},"description":"Google Auth integration","description_kind":"plain"},"max_items":1},"date_formats":{"nesting_mode":"list","block":{"attributes":{"default_timezone":{"type":"string","description":"Default time zone for user preferences. Value 'browser' uses browser local time zone.","description_kind":"plain","optional":true},"full_date":{"type":"string","description":"Moment.js style format string for cases where full date is shown","description_kind":"plain","optional":true},"interval_day":{"type":"string","description":"Moment.js style format string used when a time requiring day accuracy is shown","description_kind":"plain","optional":true},"interval_hour":{"type":"string","description":"Moment.js style format string used when a time requiring hour accuracy is shown","description_kind":"plain","optional":true},"interval_minute":{"type":"string","description":"Moment.js style format string used when a time requiring minute accuracy is shown","description_kind":"plain","optional":true},"interval_month":{"type":"string","description":"Moment.js style format string used when a time requiring month accuracy is shown","description_kind":"plain","optional":true},"interval_second":{"type":"string","description":"Moment.js style format string used when a time requiring second accuracy is shown","description_kind":"plain","optional":true},"interval_year":{"type":"string","description":"Moment.js style format string used when a time requiring year accuracy is shown","description_kind":"plain","optional":true}},"description":"Grafana date format specifications","description_kind":"plain"},"max_items":1},"external_image_storage":{"nesting_mode":"list","block":{"attributes":{"access_key":{"type":"string","description":"S3 access key. Requires permissions to the S3 bucket for the s3:PutObject and s3:PutObjectAcl actions","description_kind":"plain","optional":true},"bucket_url":{"type":"string","description":"Bucket URL for S3","description_kind":"plain","optional":true},"provider":{"type":"string","description":"Provider type","description_kind":"plain","optional":true},"secret_key":{"type":"string","description":"S3 secret key","description_kind":"plain","optional":true}},"description":"External image store settings","description_kind":"plain"},"max_items":1},"private_access":{"nesting_mode":"list","block":{"attributes":{"grafana":{"type":"string","description":"Allow clients to connect to grafana with a DNS name that always resolves to the service's private IP addresses. Only available in certain network locations","description_kind":"plain","optional":true}},"description":"Allow access to selected service ports from private networks","description_kind":"plain"},"max_items":1},"privatelink_access":{"nesting_mode":"list","block":{"attributes":{"grafana":{"type":"string","description":"Enable grafana","description_kind":"plain","optional":true}},"description":"Allow access to selected service components through Privatelink","description_kind":"plain"},"max_items":1},"public_access":{"nesting_mode":"list","block":{"attributes":{"grafana":{"type":"string","description":"Allow clients to connect to grafana from the public internet for service nodes that are in a project VPC or another type of private network","description_kind":"plain","optional":true}},"description":"Allow access to selected service ports from the public Internet","description_kind":"plain"},"max_items":1},"smtp_server":{"nesting_mode":"list","block":{"attributes":{"from_address":{"type":"string","description":"Address used for sending emails","description_kind":"plain","optional":true},"from_name":{"type":"string","description":"Name used in outgoing emails, defaults to Grafana","description_kind":"plain","optional":true},"host":{"type":"string","description":"Server hostname or IP","description_kind":"plain","optional":true},"password":{"type":"string","description":"Password for SMTP authentication","description_kind":"plain","optional":true,"sensitive":true},"port":{"type":"string","description":"SMTP server port","description_kind":"plain","optional":true},"skip_verify":{"type":"string","description":"Skip verifying server certificate. Defaults to false","description_kind":"plain","optional":true},"starttls_policy":{"type":"string","description":"Either OpportunisticStartTLS, MandatoryStartTLS or NoStartTLS. Default is OpportunisticStartTLS.","description_kind":"plain","optional":true},"username":{"type":"string","description":"Username for SMTP authentication","description_kind":"plain","optional":true}},"description":"SMTP server settings","description_kind":"plain"},"max_items":1}},"description":"Grafana user configurable settings","description_kind":"plain"},"max_items":1},"service_integrations":{"nesting_mode":"list","block":{"attributes":{"integration_type":{"type":"string","description":"Type of the service integration. The only supported value at the moment is `read_replica`","description_kind":"plain","required":true},"source_service_name":{"type":"string","description":"Name of the source service","description_kind":"plain","required":true}},"description":"Service integrations to specify when creating a service. Not applied after initial service creation","description_kind":"plain"}},"timeouts":{"nesting_mode":"single","block":{"attributes":{"create":{"type":"string","description_kind":"plain","optional":true},"update":{"type":"string","description_kind":"plain","optional":true}},"description_kind":"plain"}}},"description":"The Grafana resource allows the creation and management of Aiven Grafana services.","description_kind":"plain"}},"aiven_influxdb":{"version":0,"block":{"attributes":{"cloud_name":{"type":"string","description":"Defines where the cloud provider and region where the service is hosted in. This can be changed freely after service is created. Changing the value will trigger a potentially lengthy migration process for the service. Format is cloud provider name (`aws`, `azure`, `do` `google`, `upcloud`, etc.), dash, and the cloud provider specific region name. These are documented on each Cloud provider's own support articles, like [here for Google](https://cloud.google.com/compute/docs/regions-zones/) and [here for AWS](https://docs.aws.amazon.com/AmazonRDS/latest/UserGuide/Concepts.RegionsAndAvailabilityZones.html).","description_kind":"plain","optional":true},"components":{"type":["list",["object",{"component":"string","host":"string","kafka_authentication_method":"string","port":"number","route":"string","ssl":"bool","usage":"string"}]],"description":"Service component information objects","description_kind":"plain","computed":true},"id":{"type":"string","description_kind":"plain","optional":true,"computed":true},"influxdb":{"type":["list",["object",{"database_name":"string"}]],"description":"InfluxDB server provided values","description_kind":"plain","computed":true},"maintenance_window_dow":{"type":"string","description":"Day of week when maintenance operations should be performed. One monday, tuesday, wednesday, etc.","description_kind":"plain","optional":true},"maintenance_window_time":{"type":"string","description":"Time of day when maintenance operations should be performed. UTC time in HH:mm:ss format.","description_kind":"plain","optional":true},"plan":{"type":"string","description":"Defines what kind of computing resources are allocated for the service. It can be changed after creation, though there are some restrictions when going to a smaller plan such as the new plan must have sufficient amount of disk space to store all current data and switching to a plan with fewer nodes might not be supported. The basic plan names are `hobbyist`, `startup-x`, `business-x` and `premium-x` where `x` is (roughly) the amount of memory on each node (also other attributes like number of CPUs and amount of disk space varies but naming is based on memory). The available options can be seem from the [Aiven pricing page](https://aiven.io/pricing).","description_kind":"plain","optional":true},"project":{"type":"string","description":"Identifies the project this resource belongs to. To set up proper dependencies please refer to this variable as a reference. This property cannot be changed, doing so forces recreation of the resource.","description_kind":"plain","required":true},"project_vpc_id":{"type":"string","description":"Specifies the VPC the service should run in. If the value is not set the service is not run inside a VPC. When set, the value should be given as a reference to set up dependencies correctly and the VPC must be in the same cloud and region as the service itself. Project can be freely moved to and from VPC after creation but doing so triggers migration to new servers so the operation can take significant amount of time to complete if the service has a lot of data.","description_kind":"plain","optional":true},"service_host":{"type":"string","description":"The hostname of the service.","description_kind":"plain","computed":true},"service_name":{"type":"string","description":"Specifies the actual name of the service. The name cannot be changed later without destroying and re-creating the service so name should be picked based on intended service usage rather than current attributes.","description_kind":"plain","required":true},"service_password":{"type":"string","description":"Password used for connecting to the service, if applicable","description_kind":"plain","computed":true,"sensitive":true},"service_port":{"type":"number","description":"The port of the service","description_kind":"plain","computed":true},"service_type":{"type":"string","description":"Aiven internal service type code","description_kind":"plain","computed":true},"service_uri":{"type":"string","description":"URI for connecting to the service. Service specific info is under \"kafka\", \"pg\", etc.","description_kind":"plain","computed":true,"sensitive":true},"service_username":{"type":"string","description":"Username used for connecting to the service, if applicable","description_kind":"plain","computed":true},"state":{"type":"string","description":"Service state. One of `POWEROFF`, `REBALANCING`, `REBUILDING` or `RUNNING`.","description_kind":"plain","computed":true},"termination_protection":{"type":"bool","description":"Prevents the service from being deleted. It is recommended to set this to `true` for all production services to prevent unintentional service deletion. This does not shield against deleting databases or topics but for services with backups much of the content can at least be restored from backup in case accidental deletion is done.","description_kind":"plain","optional":true}},"block_types":{"influxdb_user_config":{"nesting_mode":"list","block":{"attributes":{"custom_domain":{"type":"string","description":"Custom domain","description_kind":"plain","optional":true},"ip_filter":{"type":["list","string"],"description":"IP filter","description_kind":"plain","optional":true},"project_to_fork_from":{"type":"string","description":"Name of another project to fork a service from. This has effect only when a new service is being created.","description_kind":"plain","optional":true},"recovery_basebackup_name":{"type":"string","description":"Name of the basebackup to restore in forked service","description_kind":"plain","optional":true},"service_to_fork_from":{"type":"string","description":"Name of another service to fork from. This has effect only when a new service is being created.","description_kind":"plain","optional":true},"static_ips":{"type":"string","description":"Static IP addresses","description_kind":"plain","optional":true}},"block_types":{"influxdb":{"nesting_mode":"list","block":{"attributes":{"log_queries_after":{"type":"string","description":"The maximum duration in seconds before a query is logged as a slow query. Setting this to 0 (the default) will never log slow queries.","description_kind":"plain","optional":true},"max_connection_limit":{"type":"string","description":"Maximum number of connections to InfluxDB. Setting this to 0 (default) means no limit. If using max_connection_limit, it is recommended to set the value to be large enough in order to not block clients unnecessarily.","description_kind":"plain","optional":true},"max_row_limit":{"type":"string","description":"The maximum number of rows returned in a non-chunked query. Setting this to 0 (the default) allows an unlimited number to be returned.","description_kind":"plain","optional":true},"max_select_buckets":{"type":"string","description":"The maximum number of 'GROUP BY time()' buckets that can be processed in a query. Setting this to 0 (the default) allows an unlimited number to be processed.","description_kind":"plain","optional":true},"max_select_point":{"type":"string","description":"The maximum number of points that can be processed in a SELECT statement. Setting this to 0 (the default) allows an unlimited number to be processed.","description_kind":"plain","optional":true},"query_timeout":{"type":"string","description":"The maximum duration in seconds before a query is killed. Setting this to 0 (the default) will never kill slow queries.","description_kind":"plain","optional":true}},"description":"influxdb.conf configuration values","description_kind":"plain"},"max_items":1},"private_access":{"nesting_mode":"list","block":{"attributes":{"influxdb":{"type":"string","description":"Allow clients to connect to influxdb with a DNS name that always resolves to the service's private IP addresses. Only available in certain network locations","description_kind":"plain","optional":true}},"description":"Allow access to selected service ports from private networks","description_kind":"plain"},"max_items":1},"privatelink_access":{"nesting_mode":"list","block":{"attributes":{"influxdb":{"type":"string","description":"Enable influxdb","description_kind":"plain","optional":true}},"description":"Allow access to selected service components through Privatelink","description_kind":"plain"},"max_items":1},"public_access":{"nesting_mode":"list","block":{"attributes":{"influxdb":{"type":"string","description":"Allow clients to connect to influxdb from the public internet for service nodes that are in a project VPC or another type of private network","description_kind":"plain","optional":true}},"description":"Allow access to selected service ports from the public Internet","description_kind":"plain"},"max_items":1}},"description":"Influxdb user configurable settings","description_kind":"plain"},"max_items":1},"service_integrations":{"nesting_mode":"list","block":{"attributes":{"integration_type":{"type":"string","description":"Type of the service integration. The only supported value at the moment is `read_replica`","description_kind":"plain","required":true},"source_service_name":{"type":"string","description":"Name of the source service","description_kind":"plain","required":true}},"description":"Service integrations to specify when creating a service. Not applied after initial service creation","description_kind":"plain"}},"timeouts":{"nesting_mode":"single","block":{"attributes":{"create":{"type":"string","description_kind":"plain","optional":true},"update":{"type":"string","description_kind":"plain","optional":true}},"description_kind":"plain"}}},"description":"The InfluxDB resource allows the creation and management of Aiven InfluxDB services.","description_kind":"plain"}},"aiven_kafka":{"version":0,"block":{"attributes":{"cloud_name":{"type":"string","description":"Defines where the cloud provider and region where the service is hosted in. This can be changed freely after service is created. Changing the value will trigger a potentially lengthy migration process for the service. Format is cloud provider name (`aws`, `azure`, `do` `google`, `upcloud`, etc.), dash, and the cloud provider specific region name. These are documented on each Cloud provider's own support articles, like [here for Google](https://cloud.google.com/compute/docs/regions-zones/) and [here for AWS](https://docs.aws.amazon.com/AmazonRDS/latest/UserGuide/Concepts.RegionsAndAvailabilityZones.html).","description_kind":"plain","optional":true},"components":{"type":["list",["object",{"component":"string","host":"string","kafka_authentication_method":"string","port":"number","route":"string","ssl":"bool","usage":"string"}]],"description":"Service component information objects","description_kind":"plain","computed":true},"default_acl":{"type":"bool","description":"Create default wildcard Kafka ACL","description_kind":"plain","optional":true},"id":{"type":"string","description_kind":"plain","optional":true,"computed":true},"maintenance_window_dow":{"type":"string","description":"Day of week when maintenance operations should be performed. One monday, tuesday, wednesday, etc.","description_kind":"plain","optional":true},"maintenance_window_time":{"type":"string","description":"Time of day when maintenance operations should be performed. UTC time in HH:mm:ss format.","description_kind":"plain","optional":true},"plan":{"type":"string","description":"Defines what kind of computing resources are allocated for the service. It can be changed after creation, though there are some restrictions when going to a smaller plan such as the new plan must have sufficient amount of disk space to store all current data and switching to a plan with fewer nodes might not be supported. The basic plan names are `hobbyist`, `startup-x`, `business-x` and `premium-x` where `x` is (roughly) the amount of memory on each node (also other attributes like number of CPUs and amount of disk space varies but naming is based on memory). The available options can be seem from the [Aiven pricing page](https://aiven.io/pricing).","description_kind":"plain","optional":true},"project":{"type":"string","description":"Identifies the project this resource belongs to. To set up proper dependencies please refer to this variable as a reference. This property cannot be changed, doing so forces recreation of the resource.","description_kind":"plain","required":true},"project_vpc_id":{"type":"string","description":"Specifies the VPC the service should run in. If the value is not set the service is not run inside a VPC. When set, the value should be given as a reference to set up dependencies correctly and the VPC must be in the same cloud and region as the service itself. Project can be freely moved to and from VPC after creation but doing so triggers migration to new servers so the operation can take significant amount of time to complete if the service has a lot of data.","description_kind":"plain","optional":true},"service_host":{"type":"string","description":"The hostname of the service.","description_kind":"plain","computed":true},"service_name":{"type":"string","description":"Specifies the actual name of the service. The name cannot be changed later without destroying and re-creating the service so name should be picked based on intended service usage rather than current attributes.","description_kind":"plain","required":true},"service_password":{"type":"string","description":"Password used for connecting to the service, if applicable","description_kind":"plain","computed":true,"sensitive":true},"service_port":{"type":"number","description":"The port of the service","description_kind":"plain","computed":true},"service_type":{"type":"string","description":"Aiven internal service type code","description_kind":"plain","computed":true},"service_uri":{"type":"string","description":"URI for connecting to the service. Service specific info is under \"kafka\", \"pg\", etc.","description_kind":"plain","computed":true,"sensitive":true},"service_username":{"type":"string","description":"Username used for connecting to the service, if applicable","description_kind":"plain","computed":true},"state":{"type":"string","description":"Service state. One of `POWEROFF`, `REBALANCING`, `REBUILDING` or `RUNNING`.","description_kind":"plain","computed":true},"termination_protection":{"type":"bool","description":"Prevents the service from being deleted. It is recommended to set this to `true` for all production services to prevent unintentional service deletion. This does not shield against deleting databases or topics but for services with backups much of the content can at least be restored from backup in case accidental deletion is done.","description_kind":"plain","optional":true}},"block_types":{"kafka":{"nesting_mode":"list","block":{"attributes":{"access_cert":{"type":"string","description":"The Kafka client certificate","description_kind":"plain","optional":true,"computed":true,"sensitive":true},"access_key":{"type":"string","description":"The Kafka client certificate key","description_kind":"plain","optional":true,"computed":true,"sensitive":true},"connect_uri":{"type":"string","description":"The Kafka Connect URI, if any","description_kind":"plain","optional":true,"computed":true,"sensitive":true},"rest_uri":{"type":"string","description":"The Kafka REST URI, if any","description_kind":"plain","optional":true,"computed":true,"sensitive":true},"schema_registry_uri":{"type":"string","description":"The Schema Registry URI, if any","description_kind":"plain","optional":true,"computed":true,"sensitive":true}},"description":"Kafka server provided values","description_kind":"plain"},"max_items":1},"kafka_user_config":{"nesting_mode":"list","block":{"attributes":{"custom_domain":{"type":"string","description":"Custom domain","description_kind":"plain","optional":true},"ip_filter":{"type":["list","string"],"description":"IP filter","description_kind":"plain","optional":true},"kafka_connect":{"type":"string","description":"Enable Kafka Connect service","description_kind":"plain","optional":true},"kafka_rest":{"type":"string","description":"Enable Kafka-REST service","description_kind":"plain","optional":true},"kafka_version":{"type":"string","description":"Kafka major version","description_kind":"plain","optional":true},"schema_registry":{"type":"string","description":"Enable Schema-Registry service","description_kind":"plain","optional":true},"static_ips":{"type":"string","description":"Static IP addresses","description_kind":"plain","optional":true}},"block_types":{"kafka":{"nesting_mode":"list","block":{"attributes":{"auto_create_topics_enable":{"type":"string","description":"auto.create.topics.enable","description_kind":"plain","optional":true},"compression_type":{"type":"string","description":"compression.type","description_kind":"plain","optional":true},"connections_max_idle_ms":{"type":"string","description":"connections.max.idle.ms","description_kind":"plain","optional":true},"default_replication_factor":{"type":"string","description":"default.replication.factor","description_kind":"plain","optional":true},"group_initial_rebalance_delay_ms":{"type":"string","description":"group.initial.rebalance.delay.ms","description_kind":"plain","optional":true},"group_max_session_timeout_ms":{"type":"string","description":"group.max.session.timeout.ms","description_kind":"plain","optional":true},"group_min_session_timeout_ms":{"type":"string","description":"group.min.session.timeout.ms","description_kind":"plain","optional":true},"log_cleaner_delete_retention_ms":{"type":"string","description":"log.cleaner.delete.retention.ms","description_kind":"plain","optional":true},"log_cleaner_max_compaction_lag_ms":{"type":"string","description":"log.cleaner.max.compaction.lag.ms","description_kind":"plain","optional":true},"log_cleaner_min_cleanable_ratio":{"type":"string","description":"log.cleaner.min.cleanable.ratio","description_kind":"plain","optional":true},"log_cleaner_min_compaction_lag_ms":{"type":"string","description":"log.cleaner.min.compaction.lag.ms","description_kind":"plain","optional":true},"log_cleanup_policy":{"type":"string","description":"log.cleanup.policy","description_kind":"plain","optional":true},"log_flush_interval_messages":{"type":"string","description":"log.flush.interval.messages","description_kind":"plain","optional":true},"log_flush_interval_ms":{"type":"string","description":"log.flush.interval.ms","description_kind":"plain","optional":true},"log_index_interval_bytes":{"type":"string","description":"log.index.interval.bytes","description_kind":"plain","optional":true},"log_index_size_max_bytes":{"type":"string","description":"log.index.size.max.bytes","description_kind":"plain","optional":true},"log_message_downconversion_enable":{"type":"string","description":"log.message.downconversion.enable","description_kind":"plain","optional":true},"log_message_timestamp_difference_max_ms":{"type":"string","description":"log.message.timestamp.difference.max.ms","description_kind":"plain","optional":true},"log_message_timestamp_type":{"type":"string","description":"log.message.timestamp.type","description_kind":"plain","optional":true},"log_preallocate":{"type":"string","description":"log.preallocate","description_kind":"plain","optional":true},"log_retention_bytes":{"type":"string","description":"log.retention.bytes","description_kind":"plain","optional":true},"log_retention_hours":{"type":"string","description":"log.retention.hours","description_kind":"plain","optional":true},"log_retention_ms":{"type":"string","description":"log.retention.ms","description_kind":"plain","optional":true},"log_roll_jitter_ms":{"type":"string","description":"log.roll.jitter.ms","description_kind":"plain","optional":true},"log_roll_ms":{"type":"string","description":"log.roll.ms","description_kind":"plain","optional":true},"log_segment_bytes":{"type":"string","description":"log.segment.bytes","description_kind":"plain","optional":true},"log_segment_delete_delay_ms":{"type":"string","description":"log.segment.delete.delay.ms","description_kind":"plain","optional":true},"max_connections_per_ip":{"type":"string","description":"max.connections.per.ip","description_kind":"plain","optional":true},"max_incremental_fetch_session_cache_slots":{"type":"string","description":"max.incremental.fetch.session.cache.slots","description_kind":"plain","optional":true},"message_max_bytes":{"type":"string","description":"message.max.bytes","description_kind":"plain","optional":true},"min_insync_replicas":{"type":"string","description":"min.insync.replicas","description_kind":"plain","optional":true},"num_partitions":{"type":"string","description":"num.partitions","description_kind":"plain","optional":true},"offsets_retention_minutes":{"type":"string","description":"offsets.retention.minutes","description_kind":"plain","optional":true},"producer_purgatory_purge_interval_requests":{"type":"string","description":"producer.purgatory.purge.interval.requests","description_kind":"plain","optional":true},"replica_fetch_max_bytes":{"type":"string","description":"replica.fetch.max.bytes","description_kind":"plain","optional":true},"replica_fetch_response_max_bytes":{"type":"string","description":"replica.fetch.response.max.bytes","description_kind":"plain","optional":true},"socket_request_max_bytes":{"type":"string","description":"socket.request.max.bytes","description_kind":"plain","optional":true},"transaction_remove_expired_transaction_cleanup_interval_ms":{"type":"string","description":"transaction.remove.expired.transaction.cleanup.interval.ms","description_kind":"plain","optional":true},"transaction_state_log_segment_bytes":{"type":"string","description":"transaction.state.log.segment.bytes","description_kind":"plain","optional":true}},"description":"Kafka broker configuration values","description_kind":"plain"},"max_items":1},"kafka_authentication_methods":{"nesting_mode":"list","block":{"attributes":{"certificate":{"type":"string","description":"Enable certificate/SSL authentication","description_kind":"plain","optional":true},"sasl":{"type":"string","description":"Enable SASL authentication","description_kind":"plain","optional":true}},"description":"Kafka authentication methods","description_kind":"plain"},"max_items":1},"kafka_connect_config":{"nesting_mode":"list","block":{"attributes":{"connector_client_config_override_policy":{"type":"string","description":"Client config override policy","description_kind":"plain","optional":true},"consumer_auto_offset_reset":{"type":"string","description":"Consumer auto offset reset","description_kind":"plain","optional":true},"consumer_fetch_max_bytes":{"type":"string","description":"The maximum amount of data the server should return for a fetch request","description_kind":"plain","optional":true},"consumer_isolation_level":{"type":"string","description":"Consumer isolation level","description_kind":"plain","optional":true},"consumer_max_partition_fetch_bytes":{"type":"string","description":"The maximum amount of data per-partition the server will return.","description_kind":"plain","optional":true},"consumer_max_poll_interval_ms":{"type":"string","description":"The maximum delay between polls when using consumer group management","description_kind":"plain","optional":true},"consumer_max_poll_records":{"type":"string","description":"The maximum number of records returned by a single poll","description_kind":"plain","optional":true},"offset_flush_interval_ms":{"type":"string","description":"The interval at which to try committing offsets for tasks","description_kind":"plain","optional":true},"offset_flush_timeout_ms":{"type":"string","description":"Offset flush timeout","description_kind":"plain","optional":true},"producer_max_request_size":{"type":"string","description":"The maximum size of a request in bytes","description_kind":"plain","optional":true},"session_timeout_ms":{"type":"string","description":"The timeout used to detect failures when using Kafka’s group management facilities","description_kind":"plain","optional":true}},"description":"Kafka Connect configuration values","description_kind":"plain"},"max_items":1},"kafka_rest_config":{"nesting_mode":"list","block":{"attributes":{"consumer_enable_auto_commit":{"type":"string","description":"consumer.enable.auto.commit","description_kind":"plain","optional":true},"consumer_request_max_bytes":{"type":"string","description":"consumer.request.max.bytes","description_kind":"plain","optional":true},"consumer_request_timeout_ms":{"type":"string","description":"consumer.request.timeout.ms","description_kind":"plain","optional":true},"producer_acks":{"type":"string","description":"producer.acks","description_kind":"plain","optional":true},"producer_linger_ms":{"type":"string","description":"producer.linger.ms","description_kind":"plain","optional":true},"simpleconsumer_pool_size_max":{"type":"string","description":"simpleconsumer.pool.size.max","description_kind":"plain","optional":true}},"description":"Kafka REST configuration","description_kind":"plain"},"max_items":1},"private_access":{"nesting_mode":"list","block":{"attributes":{"prometheus":{"type":"string","description":"Allow clients to connect to prometheus with a DNS name that always resolves to the service's private IP addresses. Only available in certain network locations","description_kind":"plain","optional":true}},"description":"Allow access to selected service ports from private networks","description_kind":"plain"},"max_items":1},"privatelink_access":{"nesting_mode":"list","block":{"attributes":{"kafka":{"type":"string","description":"Enable kafka","description_kind":"plain","optional":true},"kafka_connect":{"type":"string","description":"Enable kafka_connect","description_kind":"plain","optional":true},"kafka_rest":{"type":"string","description":"Enable kafka_rest","description_kind":"plain","optional":true},"schema_registry":{"type":"string","description":"Enable schema_registry","description_kind":"plain","optional":true}},"description":"Allow access to selected service components through Privatelink","description_kind":"plain"},"max_items":1},"public_access":{"nesting_mode":"list","block":{"attributes":{"kafka":{"type":"string","description":"Allow clients to connect to kafka from the public internet for service nodes that are in a project VPC or another type of private network","description_kind":"plain","optional":true},"kafka_connect":{"type":"string","description":"Allow clients to connect to kafka_connect from the public internet for service nodes that are in a project VPC or another type of private network","description_kind":"plain","optional":true},"kafka_rest":{"type":"string","description":"Allow clients to connect to kafka_rest from the public internet for service nodes that are in a project VPC or another type of private network","description_kind":"plain","optional":true},"prometheus":{"type":"string","description":"Allow clients to connect to prometheus from the public internet for service nodes that are in a project VPC or another type of private network","description_kind":"plain","optional":true},"schema_registry":{"type":"string","description":"Allow clients to connect to schema_registry from the public internet for service nodes that are in a project VPC or another type of private network","description_kind":"plain","optional":true}},"description":"Allow access to selected service ports from the public Internet","description_kind":"plain"},"max_items":1},"schema_registry_config":{"nesting_mode":"list","block":{"attributes":{"leader_eligibility":{"type":"string","description":"leader_eligibility","description_kind":"plain","optional":true},"topic_name":{"type":"string","description":"topic_name","description_kind":"plain","optional":true}},"description":"Schema Registry configuration","description_kind":"plain"},"max_items":1}},"description":"Kafka user configurable settings","description_kind":"plain"},"max_items":1},"service_integrations":{"nesting_mode":"list","block":{"attributes":{"integration_type":{"type":"string","description":"Type of the service integration. The only supported value at the moment is `read_replica`","description_kind":"plain","required":true},"source_service_name":{"type":"string","description":"Name of the source service","description_kind":"plain","required":true}},"description":"Service integrations to specify when creating a service. Not applied after initial service creation","description_kind":"plain"}},"timeouts":{"nesting_mode":"single","block":{"attributes":{"create":{"type":"string","description_kind":"plain","optional":true},"update":{"type":"string","description_kind":"plain","optional":true}},"description_kind":"plain"}}},"description":"The Kafka resource allows the creation and management of Aiven Kafka services.","description_kind":"plain"}},"aiven_kafka_acl":{"version":0,"block":{"attributes":{"id":{"type":"string","description_kind":"plain","optional":true,"computed":true},"permission":{"type":"string","description":"Kafka permission to grant. The possible values are `admin`, `read`, `readwrite` and `write`. This property cannot be changed, doing so forces recreation of the resource.","description_kind":"plain","required":true},"project":{"type":"string","description":"Identifies the project this resource belongs to. To set up proper dependencies please refer to this variable as a reference. This property cannot be changed, doing so forces recreation of the resource.","description_kind":"plain","required":true},"service_name":{"type":"string","description":"Specifies the name of the service that this resource belongs to. To set up proper dependencies please refer to this variable as a reference. This property cannot be changed, doing so forces recreation of the resource.","description_kind":"plain","required":true},"topic":{"type":"string","description":"Topic name pattern for the ACL entry. This property cannot be changed, doing so forces recreation of the resource.","description_kind":"plain","required":true},"username":{"type":"string","description":"Username pattern for the ACL entry. This property cannot be changed, doing so forces recreation of the resource.","description_kind":"plain","required":true}},"description":"The Resource Kafka ACL resource allows the creation and management of ACLs for an Aiven Kafka service.","description_kind":"plain"}},"aiven_kafka_connect":{"version":0,"block":{"attributes":{"cloud_name":{"type":"string","description":"Defines where the cloud provider and region where the service is hosted in. This can be changed freely after service is created. Changing the value will trigger a potentially lengthy migration process for the service. Format is cloud provider name (`aws`, `azure`, `do` `google`, `upcloud`, etc.), dash, and the cloud provider specific region name. These are documented on each Cloud provider's own support articles, like [here for Google](https://cloud.google.com/compute/docs/regions-zones/) and [here for AWS](https://docs.aws.amazon.com/AmazonRDS/latest/UserGuide/Concepts.RegionsAndAvailabilityZones.html).","description_kind":"plain","optional":true},"components":{"type":["list",["object",{"component":"string","host":"string","kafka_authentication_method":"string","port":"number","route":"string","ssl":"bool","usage":"string"}]],"description":"Service component information objects","description_kind":"plain","computed":true},"id":{"type":"string","description_kind":"plain","optional":true,"computed":true},"kafka_connect":{"type":["list",["object",{}]],"description":"Kafka Connect server provided values","description_kind":"plain","computed":true},"maintenance_window_dow":{"type":"string","description":"Day of week when maintenance operations should be performed. One monday, tuesday, wednesday, etc.","description_kind":"plain","optional":true},"maintenance_window_time":{"type":"string","description":"Time of day when maintenance operations should be performed. UTC time in HH:mm:ss format.","description_kind":"plain","optional":true},"plan":{"type":"string","description":"Defines what kind of computing resources are allocated for the service. It can be changed after creation, though there are some restrictions when going to a smaller plan such as the new plan must have sufficient amount of disk space to store all current data and switching to a plan with fewer nodes might not be supported. The basic plan names are `hobbyist`, `startup-x`, `business-x` and `premium-x` where `x` is (roughly) the amount of memory on each node (also other attributes like number of CPUs and amount of disk space varies but naming is based on memory). The available options can be seem from the [Aiven pricing page](https://aiven.io/pricing).","description_kind":"plain","optional":true},"project":{"type":"string","description":"Identifies the project this resource belongs to. To set up proper dependencies please refer to this variable as a reference. This property cannot be changed, doing so forces recreation of the resource.","description_kind":"plain","required":true},"project_vpc_id":{"type":"string","description":"Specifies the VPC the service should run in. If the value is not set the service is not run inside a VPC. When set, the value should be given as a reference to set up dependencies correctly and the VPC must be in the same cloud and region as the service itself. Project can be freely moved to and from VPC after creation but doing so triggers migration to new servers so the operation can take significant amount of time to complete if the service has a lot of data.","description_kind":"plain","optional":true},"service_host":{"type":"string","description":"The hostname of the service.","description_kind":"plain","computed":true},"service_name":{"type":"string","description":"Specifies the actual name of the service. The name cannot be changed later without destroying and re-creating the service so name should be picked based on intended service usage rather than current attributes.","description_kind":"plain","required":true},"service_password":{"type":"string","description":"Password used for connecting to the service, if applicable","description_kind":"plain","computed":true,"sensitive":true},"service_port":{"type":"number","description":"The port of the service","description_kind":"plain","computed":true},"service_type":{"type":"string","description":"Aiven internal service type code","description_kind":"plain","computed":true},"service_uri":{"type":"string","description":"URI for connecting to the service. Service specific info is under \"kafka\", \"pg\", etc.","description_kind":"plain","computed":true,"sensitive":true},"service_username":{"type":"string","description":"Username used for connecting to the service, if applicable","description_kind":"plain","computed":true},"state":{"type":"string","description":"Service state. One of `POWEROFF`, `REBALANCING`, `REBUILDING` or `RUNNING`.","description_kind":"plain","computed":true},"termination_protection":{"type":"bool","description":"Prevents the service from being deleted. It is recommended to set this to `true` for all production services to prevent unintentional service deletion. This does not shield against deleting databases or topics but for services with backups much of the content can at least be restored from backup in case accidental deletion is done.","description_kind":"plain","optional":true}},"block_types":{"kafka_connect_user_config":{"nesting_mode":"list","block":{"attributes":{"ip_filter":{"type":["list","string"],"description":"IP filter","description_kind":"plain","optional":true},"static_ips":{"type":"string","description":"Static IP addresses","description_kind":"plain","optional":true}},"block_types":{"kafka_connect":{"nesting_mode":"list","block":{"attributes":{"connector_client_config_override_policy":{"type":"string","description":"Client config override policy","description_kind":"plain","optional":true},"consumer_auto_offset_reset":{"type":"string","description":"Consumer auto offset reset","description_kind":"plain","optional":true},"consumer_fetch_max_bytes":{"type":"string","description":"The maximum amount of data the server should return for a fetch request","description_kind":"plain","optional":true},"consumer_isolation_level":{"type":"string","description":"Consumer isolation level","description_kind":"plain","optional":true},"consumer_max_partition_fetch_bytes":{"type":"string","description":"The maximum amount of data per-partition the server will return.","description_kind":"plain","optional":true},"consumer_max_poll_interval_ms":{"type":"string","description":"The maximum delay between polls when using consumer group management","description_kind":"plain","optional":true},"consumer_max_poll_records":{"type":"string","description":"The maximum number of records returned by a single poll","description_kind":"plain","optional":true},"offset_flush_interval_ms":{"type":"string","description":"The interval at which to try committing offsets for tasks","description_kind":"plain","optional":true},"offset_flush_timeout_ms":{"type":"string","description":"Offset flush timeout","description_kind":"plain","optional":true},"producer_max_request_size":{"type":"string","description":"The maximum size of a request in bytes","description_kind":"plain","optional":true},"session_timeout_ms":{"type":"string","description":"The timeout used to detect failures when using Kafka’s group management facilities","description_kind":"plain","optional":true}},"description":"Kafka Connect configuration values","description_kind":"plain"},"max_items":1},"private_access":{"nesting_mode":"list","block":{"attributes":{"kafka_connect":{"type":"string","description":"Allow clients to connect to kafka_connect with a DNS name that always resolves to the service's private IP addresses. Only available in certain network locations","description_kind":"plain","optional":true},"prometheus":{"type":"string","description":"Allow clients to connect to prometheus with a DNS name that always resolves to the service's private IP addresses. Only available in certain network locations","description_kind":"plain","optional":true}},"description":"Allow access to selected service ports from private networks","description_kind":"plain"},"max_items":1},"privatelink_access":{"nesting_mode":"list","block":{"attributes":{"kafka_connect":{"type":"string","description":"Enable kafka_connect","description_kind":"plain","optional":true}},"description":"Allow access to selected service components through Privatelink","description_kind":"plain"},"max_items":1},"public_access":{"nesting_mode":"list","block":{"attributes":{"kafka_connect":{"type":"string","description":"Allow clients to connect to kafka_connect from the public internet for service nodes that are in a project VPC or another type of private network","description_kind":"plain","optional":true},"prometheus":{"type":"string","description":"Allow clients to connect to prometheus from the public internet for service nodes that are in a project VPC or another type of private network","description_kind":"plain","optional":true}},"description":"Allow access to selected service ports from the public Internet","description_kind":"plain"},"max_items":1}},"description":"Kafka_connect user configurable settings","description_kind":"plain"},"max_items":1},"service_integrations":{"nesting_mode":"list","block":{"attributes":{"integration_type":{"type":"string","description":"Type of the service integration. The only supported value at the moment is `read_replica`","description_kind":"plain","required":true},"source_service_name":{"type":"string","description":"Name of the source service","description_kind":"plain","required":true}},"description":"Service integrations to specify when creating a service. Not applied after initial service creation","description_kind":"plain"}},"timeouts":{"nesting_mode":"single","block":{"attributes":{"create":{"type":"string","description_kind":"plain","optional":true},"update":{"type":"string","description_kind":"plain","optional":true}},"description_kind":"plain"}}},"description":"The Kafka Connect resource allows the creation and management of Aiven Kafka Connect services.","description_kind":"plain"}},"aiven_kafka_connector":{"version":0,"block":{"attributes":{"config":{"type":["map","string"],"description":"The Kafka Connector configuration parameters.","description_kind":"plain","required":true},"connector_name":{"type":"string","description":"The kafka connector name. This property cannot be changed, doing so forces recreation of the resource.","description_kind":"plain","required":true},"id":{"type":"string","description_kind":"plain","optional":true,"computed":true},"plugin_author":{"type":"string","description":"The Kafka connector author.","description_kind":"plain","computed":true},"plugin_class":{"type":"string","description":"The Kafka connector Java class.","description_kind":"plain","computed":true},"plugin_doc_url":{"type":"string","description":"The Kafka connector documentation URL.","description_kind":"plain","computed":true},"plugin_title":{"type":"string","description":"The Kafka connector title.","description_kind":"plain","computed":true},"plugin_type":{"type":"string","description":"The Kafka connector type.","description_kind":"plain","computed":true},"plugin_version":{"type":"string","description":"The version of the kafka connector.","description_kind":"plain","computed":true},"project":{"type":"string","description":"Identifies the project this resource belongs to. To set up proper dependencies please refer to this variable as a reference. This property cannot be changed, doing so forces recreation of the resource.","description_kind":"plain","required":true},"service_name":{"type":"string","description":"Specifies the name of the service that this resource belongs to. To set up proper dependencies please refer to this variable as a reference. This property cannot be changed, doing so forces recreation of the resource.","description_kind":"plain","required":true},"task":{"type":["set",["object",{"connector":"string","task":"number"}]],"description":"List of tasks of a connector.","description_kind":"plain","computed":true}},"block_types":{"timeouts":{"nesting_mode":"single","block":{"attributes":{"read":{"type":"string","description_kind":"plain","optional":true}},"description_kind":"plain"}}},"description":"The Kafka connectors resource allows the creation and management of Aiven Kafka connectors.","description_kind":"plain"}},"aiven_kafka_mirrormaker":{"version":0,"block":{"attributes":{"cloud_name":{"type":"string","description":"Defines where the cloud provider and region where the service is hosted in. This can be changed freely after service is created. Changing the value will trigger a potentially lengthy migration process for the service. Format is cloud provider name (`aws`, `azure`, `do` `google`, `upcloud`, etc.), dash, and the cloud provider specific region name. These are documented on each Cloud provider's own support articles, like [here for Google](https://cloud.google.com/compute/docs/regions-zones/) and [here for AWS](https://docs.aws.amazon.com/AmazonRDS/latest/UserGuide/Concepts.RegionsAndAvailabilityZones.html).","description_kind":"plain","optional":true},"components":{"type":["list",["object",{"component":"string","host":"string","kafka_authentication_method":"string","port":"number","route":"string","ssl":"bool","usage":"string"}]],"description":"Service component information objects","description_kind":"plain","computed":true},"id":{"type":"string","description_kind":"plain","optional":true,"computed":true},"kafka_mirrormaker":{"type":["list",["object",{}]],"description":"Kafka MirrorMaker 2 server provided values","description_kind":"plain","computed":true},"maintenance_window_dow":{"type":"string","description":"Day of week when maintenance operations should be performed. One monday, tuesday, wednesday, etc.","description_kind":"plain","optional":true},"maintenance_window_time":{"type":"string","description":"Time of day when maintenance operations should be performed. UTC time in HH:mm:ss format.","description_kind":"plain","optional":true},"plan":{"type":"string","description":"Defines what kind of computing resources are allocated for the service. It can be changed after creation, though there are some restrictions when going to a smaller plan such as the new plan must have sufficient amount of disk space to store all current data and switching to a plan with fewer nodes might not be supported. The basic plan names are `hobbyist`, `startup-x`, `business-x` and `premium-x` where `x` is (roughly) the amount of memory on each node (also other attributes like number of CPUs and amount of disk space varies but naming is based on memory). The available options can be seem from the [Aiven pricing page](https://aiven.io/pricing).","description_kind":"plain","optional":true},"project":{"type":"string","description":"Identifies the project this resource belongs to. To set up proper dependencies please refer to this variable as a reference. This property cannot be changed, doing so forces recreation of the resource.","description_kind":"plain","required":true},"project_vpc_id":{"type":"string","description":"Specifies the VPC the service should run in. If the value is not set the service is not run inside a VPC. When set, the value should be given as a reference to set up dependencies correctly and the VPC must be in the same cloud and region as the service itself. Project can be freely moved to and from VPC after creation but doing so triggers migration to new servers so the operation can take significant amount of time to complete if the service has a lot of data.","description_kind":"plain","optional":true},"service_host":{"type":"string","description":"The hostname of the service.","description_kind":"plain","computed":true},"service_name":{"type":"string","description":"Specifies the actual name of the service. The name cannot be changed later without destroying and re-creating the service so name should be picked based on intended service usage rather than current attributes.","description_kind":"plain","required":true},"service_password":{"type":"string","description":"Password used for connecting to the service, if applicable","description_kind":"plain","computed":true,"sensitive":true},"service_port":{"type":"number","description":"The port of the service","description_kind":"plain","computed":true},"service_type":{"type":"string","description":"Aiven internal service type code","description_kind":"plain","computed":true},"service_uri":{"type":"string","description":"URI for connecting to the service. Service specific info is under \"kafka\", \"pg\", etc.","description_kind":"plain","computed":true,"sensitive":true},"service_username":{"type":"string","description":"Username used for connecting to the service, if applicable","description_kind":"plain","computed":true},"state":{"type":"string","description":"Service state. One of `POWEROFF`, `REBALANCING`, `REBUILDING` or `RUNNING`.","description_kind":"plain","computed":true},"termination_protection":{"type":"bool","description":"Prevents the service from being deleted. It is recommended to set this to `true` for all production services to prevent unintentional service deletion. This does not shield against deleting databases or topics but for services with backups much of the content can at least be restored from backup in case accidental deletion is done.","description_kind":"plain","optional":true}},"block_types":{"kafka_mirrormaker_user_config":{"nesting_mode":"list","block":{"attributes":{"ip_filter":{"type":["list","string"],"description":"IP filter","description_kind":"plain","optional":true},"static_ips":{"type":"string","description":"Static IP addresses","description_kind":"plain","optional":true}},"block_types":{"kafka_mirrormaker":{"nesting_mode":"list","block":{"attributes":{"emit_checkpoints_enabled":{"type":"string","description":"Emit consumer group offset checkpoints","description_kind":"plain","optional":true},"emit_checkpoints_interval_seconds":{"type":"string","description":"Frequency of consumer group offset checkpoints","description_kind":"plain","optional":true},"refresh_groups_enabled":{"type":"string","description":"Refresh consumer groups","description_kind":"plain","optional":true},"refresh_groups_interval_seconds":{"type":"string","description":"Frequency of group refresh","description_kind":"plain","optional":true},"refresh_topics_enabled":{"type":"string","description":"Refresh topics and partitions","description_kind":"plain","optional":true},"refresh_topics_interval_seconds":{"type":"string","description":"Frequency of topic and partitions refresh","description_kind":"plain","optional":true},"sync_group_offsets_enabled":{"type":"string","description":"Sync consumer group offsets","description_kind":"plain","optional":true},"sync_group_offsets_interval_seconds":{"type":"string","description":"Frequency of consumer group offset sync","description_kind":"plain","optional":true},"sync_topic_configs_enabled":{"type":"string","description":"Sync remote topics","description_kind":"plain","optional":true},"tasks_max_per_cpu":{"type":"string","description":"Maximum number of MirrorMaker tasks (of each type) per service CPU","description_kind":"plain","optional":true}},"description":"Kafka MirrorMaker configuration values","description_kind":"plain"},"max_items":1}},"description":"Kafka_mirrormaker user configurable settings","description_kind":"plain"},"max_items":1},"service_integrations":{"nesting_mode":"list","block":{"attributes":{"integration_type":{"type":"string","description":"Type of the service integration. The only supported value at the moment is `read_replica`","description_kind":"plain","required":true},"source_service_name":{"type":"string","description":"Name of the source service","description_kind":"plain","required":true}},"description":"Service integrations to specify when creating a service. Not applied after initial service creation","description_kind":"plain"}},"timeouts":{"nesting_mode":"single","block":{"attributes":{"create":{"type":"string","description_kind":"plain","optional":true},"update":{"type":"string","description_kind":"plain","optional":true}},"description_kind":"plain"}}},"description":"The Kafka MirrorMaker resource allows the creation and management of Aiven Kafka MirrorMaker 2 services.","description_kind":"plain"}},"aiven_kafka_schema":{"version":0,"block":{"attributes":{"compatibility_level":{"type":"string","description":"Kafka Schemas compatibility level. The possible values are `BACKWARD`, `BACKWARD_TRANSITIVE`, `FORWARD`, `FORWARD_TRANSITIVE`, `FULL`, `FULL_TRANSITIVE` and `NONE`.","description_kind":"plain","optional":true},"id":{"type":"string","description_kind":"plain","optional":true,"computed":true},"project":{"type":"string","description":"Identifies the project this resource belongs to. To set up proper dependencies please refer to this variable as a reference. This property cannot be changed, doing so forces recreation of the resource.","description_kind":"plain","required":true},"schema":{"type":"string","description":"Kafka Schema configuration should be a valid Avro Schema JSON format.","description_kind":"plain","required":true},"service_name":{"type":"string","description":"Specifies the name of the service that this resource belongs to. To set up proper dependencies please refer to this variable as a reference. This property cannot be changed, doing so forces recreation of the resource.","description_kind":"plain","required":true},"subject_name":{"type":"string","description":"The Kafka Schema Subject name. This property cannot be changed, doing so forces recreation of the resource.","description_kind":"plain","required":true},"version":{"type":"number","description":"Kafka Schema configuration version.","description_kind":"plain","computed":true}},"description":"The Kafka Schema resource allows the creation and management of Aiven Kafka Schemas.","description_kind":"plain"}},"aiven_kafka_schema_configuration":{"version":0,"block":{"attributes":{"compatibility_level":{"type":"string","description":"Kafka Schemas compatibility level. The possible values are `BACKWARD`, `BACKWARD_TRANSITIVE`, `FORWARD`, `FORWARD_TRANSITIVE`, `FULL`, `FULL_TRANSITIVE` and `NONE`.","description_kind":"plain","optional":true},"id":{"type":"string","description_kind":"plain","optional":true,"computed":true},"project":{"type":"string","description":"Identifies the project this resource belongs to. To set up proper dependencies please refer to this variable as a reference. This property cannot be changed, doing so forces recreation of the resource.","description_kind":"plain","required":true},"service_name":{"type":"string","description":"Specifies the name of the service that this resource belongs to. To set up proper dependencies please refer to this variable as a reference. This property cannot be changed, doing so forces recreation of the resource.","description_kind":"plain","required":true}},"description":"The Kafka Schema Configuration resource allows the creation and management of Aiven Kafka Schema Configurations.","description_kind":"plain"}},"aiven_kafka_topic":{"version":0,"block":{"attributes":{"cleanup_policy":{"type":"string","description":"**DEPRECATED use config.cleanup_policy instead** Topic cleanup policy. The possible values are `delete` and `compact`.","description_kind":"plain","deprecated":true,"optional":true},"id":{"type":"string","description_kind":"plain","optional":true,"computed":true},"minimum_in_sync_replicas":{"type":"number","description":"**DEPRECATED use config.min_insync_replicas instead** Minimum required nodes in-sync replicas (ISR) to produce to a partition.","description_kind":"plain","deprecated":true,"optional":true},"partitions":{"type":"number","description":"The number of partitions to create in the topic.","description_kind":"plain","required":true},"project":{"type":"string","description":"Identifies the project this resource belongs to. To set up proper dependencies please refer to this variable as a reference. This property cannot be changed, doing so forces recreation of the resource.","description_kind":"plain","required":true},"replication":{"type":"number","description":"The replication factor for the topic.","description_kind":"plain","required":true},"retention_bytes":{"type":"number","description":"**DEPRECATED use config.retention_bytes instead** Retention bytes.","description_kind":"plain","deprecated":true,"optional":true},"retention_hours":{"type":"number","description":"**DEPRECATED use config.retention_ms instead** Retention period (hours).","description_kind":"plain","deprecated":true,"optional":true},"service_name":{"type":"string","description":"Specifies the name of the service that this resource belongs to. To set up proper dependencies please refer to this variable as a reference. This property cannot be changed, doing so forces recreation of the resource.","description_kind":"plain","required":true},"termination_protection":{"type":"bool","description":"It is a Terraform client-side deletion protection, which prevents a Kafka topic from being deleted. It is recommended to enable this for any production Kafka topic containing critical data.","description_kind":"plain","optional":true},"topic_name":{"type":"string","description":"The name of the topic. This property cannot be changed, doing so forces recreation of the resource.","description_kind":"plain","required":true}},"block_types":{"config":{"nesting_mode":"list","block":{"attributes":{"cleanup_policy":{"type":"string","description":"cleanup.policy value","description_kind":"plain","optional":true},"compression_type":{"type":"string","description":"compression.type value","description_kind":"plain","optional":true},"delete_retention_ms":{"type":"string","description":"delete.retention.ms value","description_kind":"plain","optional":true},"file_delete_delay_ms":{"type":"string","description":"file.delete.delay.ms value","description_kind":"plain","optional":true},"flush_messages":{"type":"string","description":"flush.messages value","description_kind":"plain","optional":true},"flush_ms":{"type":"string","description":"flush.ms value","description_kind":"plain","optional":true},"index_interval_bytes":{"type":"string","description":"index.interval.bytes value","description_kind":"plain","optional":true},"max_compaction_lag_ms":{"type":"string","description":"max.compaction.lag.ms value","description_kind":"plain","optional":true},"max_message_bytes":{"type":"string","description":"max.message.bytes value","description_kind":"plain","optional":true},"message_downconversion_enable":{"type":"string","description":"message.downconversion.enable value","description_kind":"plain","optional":true},"message_format_version":{"type":"string","description":"message.format.version value","description_kind":"plain","optional":true},"message_timestamp_difference_max_ms":{"type":"string","description":"message.timestamp.difference.max.ms value","description_kind":"plain","optional":true},"message_timestamp_type":{"type":"string","description":"message.timestamp.type value","description_kind":"plain","optional":true},"min_cleanable_dirty_ratio":{"type":"string","description":"min.cleanable.dirty.ratio value","description_kind":"plain","optional":true},"min_compaction_lag_ms":{"type":"string","description":"min.compaction.lag.ms value","description_kind":"plain","optional":true},"min_insync_replicas":{"type":"string","description":"min.insync.replicas value","description_kind":"plain","optional":true},"preallocate":{"type":"string","description":"preallocate value","description_kind":"plain","optional":true},"retention_bytes":{"type":"string","description":"retention.bytes value","description_kind":"plain","optional":true},"retention_ms":{"type":"string","description":"retention.ms value","description_kind":"plain","optional":true},"segment_bytes":{"type":"string","description":"segment.bytes value","description_kind":"plain","optional":true},"segment_index_bytes":{"type":"string","description":"segment.index.bytes value","description_kind":"plain","optional":true},"segment_jitter_ms":{"type":"string","description":"segment.jitter.ms value","description_kind":"plain","optional":true},"segment_ms":{"type":"string","description":"segment.ms value","description_kind":"plain","optional":true},"unclean_leader_election_enable":{"type":"string","description":"unclean.leader.election.enable value","description_kind":"plain","optional":true}},"description":"Kafka topic configuration","description_kind":"plain"},"max_items":1},"tag":{"nesting_mode":"set","block":{"attributes":{"key":{"type":"string","description":"Topic tag key. Maximum Length: `64`.","description_kind":"plain","required":true},"value":{"type":"string","description":"Topic tag value. Maximum Length: `256`.","description_kind":"plain","optional":true}},"description":"Kafka Topic tag.","description_kind":"plain"}},"timeouts":{"nesting_mode":"single","block":{"attributes":{"create":{"type":"string","description_kind":"plain","optional":true},"delete":{"type":"string","description_kind":"plain","optional":true},"read":{"type":"string","description_kind":"plain","optional":true}},"description_kind":"plain"}}},"description":"The Kafka Topic resource allows the creation and management of Aiven Kafka Topics.","description_kind":"plain"}},"aiven_m3aggregator":{"version":0,"block":{"attributes":{"cloud_name":{"type":"string","description":"Defines where the cloud provider and region where the service is hosted in. This can be changed freely after service is created. Changing the value will trigger a potentially lengthy migration process for the service. Format is cloud provider name (`aws`, `azure`, `do` `google`, `upcloud`, etc.), dash, and the cloud provider specific region name. These are documented on each Cloud provider's own support articles, like [here for Google](https://cloud.google.com/compute/docs/regions-zones/) and [here for AWS](https://docs.aws.amazon.com/AmazonRDS/latest/UserGuide/Concepts.RegionsAndAvailabilityZones.html).","description_kind":"plain","optional":true},"components":{"type":["list",["object",{"component":"string","host":"string","kafka_authentication_method":"string","port":"number","route":"string","ssl":"bool","usage":"string"}]],"description":"Service component information objects","description_kind":"plain","computed":true},"id":{"type":"string","description_kind":"plain","optional":true,"computed":true},"m3aggregator":{"type":["list",["object",{}]],"description":"M3 aggregator specific server provided values","description_kind":"plain","computed":true},"maintenance_window_dow":{"type":"string","description":"Day of week when maintenance operations should be performed. One monday, tuesday, wednesday, etc.","description_kind":"plain","optional":true},"maintenance_window_time":{"type":"string","description":"Time of day when maintenance operations should be performed. UTC time in HH:mm:ss format.","description_kind":"plain","optional":true},"plan":{"type":"string","description":"Defines what kind of computing resources are allocated for the service. It can be changed after creation, though there are some restrictions when going to a smaller plan such as the new plan must have sufficient amount of disk space to store all current data and switching to a plan with fewer nodes might not be supported. The basic plan names are `hobbyist`, `startup-x`, `business-x` and `premium-x` where `x` is (roughly) the amount of memory on each node (also other attributes like number of CPUs and amount of disk space varies but naming is based on memory). The available options can be seem from the [Aiven pricing page](https://aiven.io/pricing).","description_kind":"plain","optional":true},"project":{"type":"string","description":"Identifies the project this resource belongs to. To set up proper dependencies please refer to this variable as a reference. This property cannot be changed, doing so forces recreation of the resource.","description_kind":"plain","required":true},"project_vpc_id":{"type":"string","description":"Specifies the VPC the service should run in. If the value is not set the service is not run inside a VPC. When set, the value should be given as a reference to set up dependencies correctly and the VPC must be in the same cloud and region as the service itself. Project can be freely moved to and from VPC after creation but doing so triggers migration to new servers so the operation can take significant amount of time to complete if the service has a lot of data.","description_kind":"plain","optional":true},"service_host":{"type":"string","description":"The hostname of the service.","description_kind":"plain","computed":true},"service_name":{"type":"string","description":"Specifies the actual name of the service. The name cannot be changed later without destroying and re-creating the service so name should be picked based on intended service usage rather than current attributes.","description_kind":"plain","required":true},"service_password":{"type":"string","description":"Password used for connecting to the service, if applicable","description_kind":"plain","computed":true,"sensitive":true},"service_port":{"type":"number","description":"The port of the service","description_kind":"plain","computed":true},"service_type":{"type":"string","description":"Aiven internal service type code","description_kind":"plain","computed":true},"service_uri":{"type":"string","description":"URI for connecting to the service. Service specific info is under \"kafka\", \"pg\", etc.","description_kind":"plain","computed":true,"sensitive":true},"service_username":{"type":"string","description":"Username used for connecting to the service, if applicable","description_kind":"plain","computed":true},"state":{"type":"string","description":"Service state. One of `POWEROFF`, `REBALANCING`, `REBUILDING` or `RUNNING`.","description_kind":"plain","computed":true},"termination_protection":{"type":"bool","description":"Prevents the service from being deleted. It is recommended to set this to `true` for all production services to prevent unintentional service deletion. This does not shield against deleting databases or topics but for services with backups much of the content can at least be restored from backup in case accidental deletion is done.","description_kind":"plain","optional":true}},"block_types":{"m3aggregator_user_config":{"nesting_mode":"list","block":{"attributes":{"custom_domain":{"type":"string","description":"Custom domain","description_kind":"plain","optional":true},"ip_filter":{"type":["list","string"],"description":"IP filter","description_kind":"plain","optional":true},"m3_version":{"type":"string","description":"M3 major version (deprecated, use m3aggregator_version)","description_kind":"plain","optional":true},"m3aggregator_version":{"type":"string","description":"M3 major version (the minimum compatible version)","description_kind":"plain","optional":true},"static_ips":{"type":"string","description":"Static IP addresses","description_kind":"plain","optional":true}},"description":"M3aggregator user configurable settings","description_kind":"plain"},"max_items":1},"service_integrations":{"nesting_mode":"list","block":{"attributes":{"integration_type":{"type":"string","description":"Type of the service integration. The only supported value at the moment is `read_replica`","description_kind":"plain","required":true},"source_service_name":{"type":"string","description":"Name of the source service","description_kind":"plain","required":true}},"description":"Service integrations to specify when creating a service. Not applied after initial service creation","description_kind":"plain"}},"timeouts":{"nesting_mode":"single","block":{"attributes":{"create":{"type":"string","description_kind":"plain","optional":true},"update":{"type":"string","description_kind":"plain","optional":true}},"description_kind":"plain"}}},"description":"The M3 Aggregator resource allows the creation and management of Aiven M3 Aggregator services.","description_kind":"plain"}},"aiven_m3db":{"version":0,"block":{"attributes":{"cloud_name":{"type":"string","description":"Defines where the cloud provider and region where the service is hosted in. This can be changed freely after service is created. Changing the value will trigger a potentially lengthy migration process for the service. Format is cloud provider name (`aws`, `azure`, `do` `google`, `upcloud`, etc.), dash, and the cloud provider specific region name. These are documented on each Cloud provider's own support articles, like [here for Google](https://cloud.google.com/compute/docs/regions-zones/) and [here for AWS](https://docs.aws.amazon.com/AmazonRDS/latest/UserGuide/Concepts.RegionsAndAvailabilityZones.html).","description_kind":"plain","optional":true},"components":{"type":["list",["object",{"component":"string","host":"string","kafka_authentication_method":"string","port":"number","route":"string","ssl":"bool","usage":"string"}]],"description":"Service component information objects","description_kind":"plain","computed":true},"id":{"type":"string","description_kind":"plain","optional":true,"computed":true},"m3db":{"type":["list",["object",{}]],"description":"M3 specific server provided values","description_kind":"plain","computed":true},"maintenance_window_dow":{"type":"string","description":"Day of week when maintenance operations should be performed. One monday, tuesday, wednesday, etc.","description_kind":"plain","optional":true},"maintenance_window_time":{"type":"string","description":"Time of day when maintenance operations should be performed. UTC time in HH:mm:ss format.","description_kind":"plain","optional":true},"plan":{"type":"string","description":"Defines what kind of computing resources are allocated for the service. It can be changed after creation, though there are some restrictions when going to a smaller plan such as the new plan must have sufficient amount of disk space to store all current data and switching to a plan with fewer nodes might not be supported. The basic plan names are `hobbyist`, `startup-x`, `business-x` and `premium-x` where `x` is (roughly) the amount of memory on each node (also other attributes like number of CPUs and amount of disk space varies but naming is based on memory). The available options can be seem from the [Aiven pricing page](https://aiven.io/pricing).","description_kind":"plain","optional":true},"project":{"type":"string","description":"Identifies the project this resource belongs to. To set up proper dependencies please refer to this variable as a reference. This property cannot be changed, doing so forces recreation of the resource.","description_kind":"plain","required":true},"project_vpc_id":{"type":"string","description":"Specifies the VPC the service should run in. If the value is not set the service is not run inside a VPC. When set, the value should be given as a reference to set up dependencies correctly and the VPC must be in the same cloud and region as the service itself. Project can be freely moved to and from VPC after creation but doing so triggers migration to new servers so the operation can take significant amount of time to complete if the service has a lot of data.","description_kind":"plain","optional":true},"service_host":{"type":"string","description":"The hostname of the service.","description_kind":"plain","computed":true},"service_name":{"type":"string","description":"Specifies the actual name of the service. The name cannot be changed later without destroying and re-creating the service so name should be picked based on intended service usage rather than current attributes.","description_kind":"plain","required":true},"service_password":{"type":"string","description":"Password used for connecting to the service, if applicable","description_kind":"plain","computed":true,"sensitive":true},"service_port":{"type":"number","description":"The port of the service","description_kind":"plain","computed":true},"service_type":{"type":"string","description":"Aiven internal service type code","description_kind":"plain","computed":true},"service_uri":{"type":"string","description":"URI for connecting to the service. Service specific info is under \"kafka\", \"pg\", etc.","description_kind":"plain","computed":true,"sensitive":true},"service_username":{"type":"string","description":"Username used for connecting to the service, if applicable","description_kind":"plain","computed":true},"state":{"type":"string","description":"Service state. One of `POWEROFF`, `REBALANCING`, `REBUILDING` or `RUNNING`.","description_kind":"plain","computed":true},"termination_protection":{"type":"bool","description":"Prevents the service from being deleted. It is recommended to set this to `true` for all production services to prevent unintentional service deletion. This does not shield against deleting databases or topics but for services with backups much of the content can at least be restored from backup in case accidental deletion is done.","description_kind":"plain","optional":true}},"block_types":{"m3db_user_config":{"nesting_mode":"list","block":{"attributes":{"custom_domain":{"type":"string","description":"Custom domain","description_kind":"plain","optional":true},"ip_filter":{"type":["list","string"],"description":"IP filter","description_kind":"plain","optional":true},"m3_version":{"type":"string","description":"M3 major version (deprecated, use m3db_version)","description_kind":"plain","optional":true},"m3coordinator_enable_graphite_carbon_ingest":{"type":"string","description":"Enable Graphite ingestion using Carbon plaintext protocol","description_kind":"plain","optional":true},"m3db_version":{"type":"string","description":"M3 major version (the minimum compatible version)","description_kind":"plain","optional":true},"project_to_fork_from":{"type":"string","description":"Name of another project to fork a service from. This has effect only when a new service is being created.","description_kind":"plain","optional":true},"service_to_fork_from":{"type":"string","description":"Name of another service to fork from. This has effect only when a new service is being created.","description_kind":"plain","optional":true},"static_ips":{"type":"string","description":"Static IP addresses","description_kind":"plain","optional":true}},"block_types":{"limits":{"nesting_mode":"list","block":{"attributes":{"global_datapoints":{"type":"string","description":"The maximum number of data points fetched during request","description_kind":"plain","optional":true},"query_datapoints":{"type":"string","description":"The maximum number of data points fetched in single query","description_kind":"plain","optional":true},"query_require_exhaustive":{"type":"string","description":"Require exhaustive result","description_kind":"plain","optional":true},"query_series":{"type":"string","description":"The maximum number of series fetched in single query","description_kind":"plain","optional":true}},"description":"M3 limits","description_kind":"plain"},"max_items":1},"namespaces":{"nesting_mode":"list","block":{"attributes":{"name":{"type":"string","description":"The name of the namespace","description_kind":"plain","optional":true},"resolution":{"type":"string","description":"The resolution for an aggregated namespace","description_kind":"plain","optional":true},"type":{"type":"string","description":"The type of aggregation (aggregated/unaggregated)","description_kind":"plain","optional":true}},"block_types":{"options":{"nesting_mode":"list","block":{"attributes":{"snapshot_enabled":{"type":"string","description":"Controls whether M3DB will create snapshot files for this namespace","description_kind":"plain","optional":true},"writes_to_commitlog":{"type":"string","description":"Controls whether M3DB will include writes to this namespace in the commitlog","description_kind":"plain","optional":true}},"block_types":{"retention_options":{"nesting_mode":"list","block":{"attributes":{"block_data_expiry_duration":{"type":"string","description":"Controls how long we wait before expiring stale data","description_kind":"plain","optional":true},"blocksize_duration":{"type":"string","description":"Controls how long to keep a block in memory before flushing to a fileset on disk","description_kind":"plain","optional":true},"buffer_future_duration":{"type":"string","description":"Controls how far into the future writes to the namespace will be accepted","description_kind":"plain","optional":true},"buffer_past_duration":{"type":"string","description":"Controls how far into the past writes to the namespace will be accepted","description_kind":"plain","optional":true},"retention_period_duration":{"type":"string","description":"Controls the duration of time that M3DB will retain data for the namespace","description_kind":"plain","optional":true}},"description":"Retention options","description_kind":"plain"},"max_items":1}},"description":"Namespace options","description_kind":"plain"},"max_items":1}},"description":"List of M3 namespaces","description_kind":"plain"},"max_items":2147483647},"private_access":{"nesting_mode":"list","block":{"attributes":{"m3coordinator":{"type":"string","description":"Allow clients to connect to m3coordinator with a DNS name that always resolves to the service's private IP addresses. Only available in certain network locations","description_kind":"plain","optional":true}},"description":"Allow access to selected service ports from private networks","description_kind":"plain"},"max_items":1},"public_access":{"nesting_mode":"list","block":{"attributes":{"m3coordinator":{"type":"string","description":"Allow clients to connect to m3coordinator from the public internet for service nodes that are in a project VPC or another type of private network","description_kind":"plain","optional":true}},"description":"Allow access to selected service ports from the public Internet","description_kind":"plain"},"max_items":1},"rules":{"nesting_mode":"list","block":{"block_types":{"mapping":{"nesting_mode":"list","block":{"attributes":{"aggregations":{"type":["list","string"],"description":"List of aggregations to be applied","description_kind":"plain","optional":true},"drop":{"type":"string","description":"Drop the matching metric","description_kind":"plain","optional":true},"filter":{"type":"string","description":"The metrics to be used with this particular rule","description_kind":"plain","optional":true},"name":{"type":"string","description":"The (optional) name of the rule","description_kind":"plain","optional":true},"namespaces":{"type":["list","string"],"description":"Namespace filters for this particular rule","description_kind":"plain","optional":true}},"block_types":{"tags":{"nesting_mode":"list","block":{"attributes":{"name":{"type":"string","description":"Name of the tag","description_kind":"plain","optional":true},"value":{"type":"string","description":"Value of the tag","description_kind":"plain","optional":true}},"description":"List of tags to be appended to matching metrics","description_kind":"plain"},"max_items":10}},"description":"List of M3 mapping rules","description_kind":"plain"},"max_items":10}},"description":"M3 rules","description_kind":"plain"},"max_items":1}},"description":"M3db user configurable settings","description_kind":"plain"},"max_items":1},"service_integrations":{"nesting_mode":"list","block":{"attributes":{"integration_type":{"type":"string","description":"Type of the service integration. The only supported value at the moment is `read_replica`","description_kind":"plain","required":true},"source_service_name":{"type":"string","description":"Name of the source service","description_kind":"plain","required":true}},"description":"Service integrations to specify when creating a service. Not applied after initial service creation","description_kind":"plain"}},"timeouts":{"nesting_mode":"single","block":{"attributes":{"create":{"type":"string","description_kind":"plain","optional":true},"update":{"type":"string","description_kind":"plain","optional":true}},"description_kind":"plain"}}},"description":"The M3 DB resource allows the creation and management of Aiven M3 services.","description_kind":"plain"}},"aiven_mirrormaker_replication_flow":{"version":0,"block":{"attributes":{"emit_heartbeats_enabled":{"type":"bool","description":"Emit heartbeats enabled. The default value is `false`.","description_kind":"plain","optional":true},"enable":{"type":"bool","description":"Enable of disable replication flows for a service.","description_kind":"plain","required":true},"id":{"type":"string","description_kind":"plain","optional":true,"computed":true},"project":{"type":"string","description":"Identifies the project this resource belongs to. To set up proper dependencies please refer to this variable as a reference. This property cannot be changed, doing so forces recreation of the resource.","description_kind":"plain","required":true},"replication_policy_class":{"type":"string","description":"Replication policy class. The possible values are `org.apache.kafka.connect.mirror.DefaultReplicationPolicy` and `org.apache.kafka.connect.mirror.IdentityReplicationPolicy`. The default value is `org.apache.kafka.connect.mirror.DefaultReplicationPolicy`.","description_kind":"plain","optional":true},"service_name":{"type":"string","description":"Identifies the project this resource belongs to. To set up proper dependencies please refer to this variable as a reference. This property cannot be changed, doing so forces recreation of the resource.","description_kind":"plain","required":true},"source_cluster":{"type":"string","description":"Source cluster alias. Maximum Length: `128`.","description_kind":"plain","required":true},"sync_group_offsets_enabled":{"type":"bool","description":"Sync consumer group offsets. The default value is `false`.","description_kind":"plain","optional":true},"sync_group_offsets_interval_seconds":{"type":"number","description":"Frequency of consumer group offset sync. The default value is `1`.","description_kind":"plain","optional":true},"target_cluster":{"type":"string","description":"Target cluster alias. Maximum Length: `128`.","description_kind":"plain","required":true},"topics":{"type":["list","string"],"description":"List of topics and/or regular expressions to replicate","description_kind":"plain","optional":true},"topics_blacklist":{"type":["list","string"],"description":"List of topics and/or regular expressions to not replicate.","description_kind":"plain","optional":true}},"description":"The MirrorMaker 2 Replication Flow resource allows the creation and management of MirrorMaker 2 Replication Flows on Aiven Cloud.","description_kind":"plain"}},"aiven_mysql":{"version":0,"block":{"attributes":{"cloud_name":{"type":"string","description":"Defines where the cloud provider and region where the service is hosted in. This can be changed freely after service is created. Changing the value will trigger a potentially lengthy migration process for the service. Format is cloud provider name (`aws`, `azure`, `do` `google`, `upcloud`, etc.), dash, and the cloud provider specific region name. These are documented on each Cloud provider's own support articles, like [here for Google](https://cloud.google.com/compute/docs/regions-zones/) and [here for AWS](https://docs.aws.amazon.com/AmazonRDS/latest/UserGuide/Concepts.RegionsAndAvailabilityZones.html).","description_kind":"plain","optional":true},"components":{"type":["list",["object",{"component":"string","host":"string","kafka_authentication_method":"string","port":"number","route":"string","ssl":"bool","usage":"string"}]],"description":"Service component information objects","description_kind":"plain","computed":true},"id":{"type":"string","description_kind":"plain","optional":true,"computed":true},"maintenance_window_dow":{"type":"string","description":"Day of week when maintenance operations should be performed. One monday, tuesday, wednesday, etc.","description_kind":"plain","optional":true},"maintenance_window_time":{"type":"string","description":"Time of day when maintenance operations should be performed. UTC time in HH:mm:ss format.","description_kind":"plain","optional":true},"mysql":{"type":["list",["object",{}]],"description":"MySQL specific server provided values","description_kind":"plain","computed":true},"plan":{"type":"string","description":"Defines what kind of computing resources are allocated for the service. It can be changed after creation, though there are some restrictions when going to a smaller plan such as the new plan must have sufficient amount of disk space to store all current data and switching to a plan with fewer nodes might not be supported. The basic plan names are `hobbyist`, `startup-x`, `business-x` and `premium-x` where `x` is (roughly) the amount of memory on each node (also other attributes like number of CPUs and amount of disk space varies but naming is based on memory). The available options can be seem from the [Aiven pricing page](https://aiven.io/pricing).","description_kind":"plain","optional":true},"project":{"type":"string","description":"Identifies the project this resource belongs to. To set up proper dependencies please refer to this variable as a reference. This property cannot be changed, doing so forces recreation of the resource.","description_kind":"plain","required":true},"project_vpc_id":{"type":"string","description":"Specifies the VPC the service should run in. If the value is not set the service is not run inside a VPC. When set, the value should be given as a reference to set up dependencies correctly and the VPC must be in the same cloud and region as the service itself. Project can be freely moved to and from VPC after creation but doing so triggers migration to new servers so the operation can take significant amount of time to complete if the service has a lot of data.","description_kind":"plain","optional":true},"service_host":{"type":"string","description":"The hostname of the service.","description_kind":"plain","computed":true},"service_name":{"type":"string","description":"Specifies the actual name of the service. The name cannot be changed later without destroying and re-creating the service so name should be picked based on intended service usage rather than current attributes.","description_kind":"plain","required":true},"service_password":{"type":"string","description":"Password used for connecting to the service, if applicable","description_kind":"plain","computed":true,"sensitive":true},"service_port":{"type":"number","description":"The port of the service","description_kind":"plain","computed":true},"service_type":{"type":"string","description":"Aiven internal service type code","description_kind":"plain","computed":true},"service_uri":{"type":"string","description":"URI for connecting to the service. Service specific info is under \"kafka\", \"pg\", etc.","description_kind":"plain","computed":true,"sensitive":true},"service_username":{"type":"string","description":"Username used for connecting to the service, if applicable","description_kind":"plain","computed":true},"state":{"type":"string","description":"Service state. One of `POWEROFF`, `REBALANCING`, `REBUILDING` or `RUNNING`.","description_kind":"plain","computed":true},"termination_protection":{"type":"bool","description":"Prevents the service from being deleted. It is recommended to set this to `true` for all production services to prevent unintentional service deletion. This does not shield against deleting databases or topics but for services with backups much of the content can at least be restored from backup in case accidental deletion is done.","description_kind":"plain","optional":true}},"block_types":{"mysql_user_config":{"nesting_mode":"list","block":{"attributes":{"admin_password":{"type":"string","description":"Custom password for admin user. Defaults to random string. This must be set only when a new service is being created.","description_kind":"plain","optional":true,"sensitive":true},"admin_username":{"type":"string","description":"Custom username for admin user. This must be set only when a new service is being created.","description_kind":"plain","optional":true},"backup_hour":{"type":"string","description":"The hour of day (in UTC) when backup for the service is started. New backup is only started if previous backup has already completed.","description_kind":"plain","optional":true},"backup_minute":{"type":"string","description":"The minute of an hour when backup for the service is started. New backup is only started if previous backup has already completed.","description_kind":"plain","optional":true},"binlog_retention_period":{"type":"string","description":"The minimum amount of time in seconds to keep binlog entries before deletion. This may be extended for services that require binlog entries for longer than the default for example if using the MySQL Debezium Kafka connector.","description_kind":"plain","optional":true},"ip_filter":{"type":["list","string"],"description":"IP filter","description_kind":"plain","optional":true},"mysql_version":{"type":"string","description":"MySQL major version","description_kind":"plain","optional":true},"project_to_fork_from":{"type":"string","description":"Name of another project to fork a service from. This has effect only when a new service is being created.","description_kind":"plain","optional":true},"recovery_target_time":{"type":"string","description":"Recovery target time when forking a service. This has effect only when a new service is being created.","description_kind":"plain","optional":true},"service_to_fork_from":{"type":"string","description":"Name of another service to fork from. This has effect only when a new service is being created.","description_kind":"plain","optional":true},"static_ips":{"type":"string","description":"Static IP addresses","description_kind":"plain","optional":true}},"block_types":{"migration":{"nesting_mode":"list","block":{"attributes":{"dbname":{"type":"string","description":"Database name for bootstrapping the initial connection","description_kind":"plain","optional":true},"host":{"type":"string","description":"Hostname or IP address of the server where to migrate data from","description_kind":"plain","optional":true},"ignore_dbs":{"type":"string","description":"Comma-separated list of databases, which should be ignored during migration (supported by MySQL only at the moment)","description_kind":"plain","optional":true},"password":{"type":"string","description":"Password for authentication with the server where to migrate data from","description_kind":"plain","optional":true,"sensitive":true},"port":{"type":"string","description":"Port number of the server where to migrate data from","description_kind":"plain","optional":true},"ssl":{"type":"string","description":"The server where to migrate data from is secured with SSL","description_kind":"plain","optional":true},"username":{"type":"string","description":"User name for authentication with the server where to migrate data from","description_kind":"plain","optional":true}},"description":"Migrate data from existing server","description_kind":"plain"},"max_items":1},"mysql":{"nesting_mode":"list","block":{"attributes":{"connect_timeout":{"type":"string","description":"connect_timeout","description_kind":"plain","optional":true},"default_time_zone":{"type":"string","description":"default_time_zone","description_kind":"plain","optional":true},"group_concat_max_len":{"type":"string","description":"group_concat_max_len","description_kind":"plain","optional":true},"information_schema_stats_expiry":{"type":"string","description":"information_schema_stats_expiry","description_kind":"plain","optional":true},"innodb_ft_min_token_size":{"type":"string","description":"innodb_ft_min_token_size","description_kind":"plain","optional":true},"innodb_ft_server_stopword_table":{"type":"string","description":"innodb_ft_server_stopword_table","description_kind":"plain","optional":true},"innodb_lock_wait_timeout":{"type":"string","description":"innodb_lock_wait_timeout","description_kind":"plain","optional":true},"innodb_log_buffer_size":{"type":"string","description":"innodb_log_buffer_size","description_kind":"plain","optional":true},"innodb_online_alter_log_max_size":{"type":"string","description":"innodb_online_alter_log_max_size","description_kind":"plain","optional":true},"innodb_print_all_deadlocks":{"type":"string","description":"innodb_print_all_deadlocks","description_kind":"plain","optional":true},"innodb_rollback_on_timeout":{"type":"string","description":"innodb_rollback_on_timeout","description_kind":"plain","optional":true},"interactive_timeout":{"type":"string","description":"interactive_timeout","description_kind":"plain","optional":true},"internal_tmp_mem_storage_engine":{"type":"string","description":"internal_tmp_mem_storage_engine","description_kind":"plain","optional":true},"long_query_time":{"type":"string","description":"long_query_time","description_kind":"plain","optional":true},"max_allowed_packet":{"type":"string","description":"max_allowed_packet","description_kind":"plain","optional":true},"max_heap_table_size":{"type":"string","description":"max_heap_table_size","description_kind":"plain","optional":true},"net_read_timeout":{"type":"string","description":"net_read_timeout","description_kind":"plain","optional":true},"net_write_timeout":{"type":"string","description":"net_write_timeout","description_kind":"plain","optional":true},"slow_query_log":{"type":"string","description":"slow_query_log","description_kind":"plain","optional":true},"sort_buffer_size":{"type":"string","description":"sort_buffer_size","description_kind":"plain","optional":true},"sql_mode":{"type":"string","description":"sql_mode","description_kind":"plain","optional":true},"sql_require_primary_key":{"type":"string","description":"sql_require_primary_key","description_kind":"plain","optional":true},"tmp_table_size":{"type":"string","description":"tmp_table_size","description_kind":"plain","optional":true},"wait_timeout":{"type":"string","description":"wait_timeout","description_kind":"plain","optional":true}},"description":"mysql.conf configuration values","description_kind":"plain"},"max_items":1},"private_access":{"nesting_mode":"list","block":{"attributes":{"mysql":{"type":"string","description":"Allow clients to connect to mysql with a DNS name that always resolves to the service's private IP addresses. Only available in certain network locations","description_kind":"plain","optional":true},"mysqlx":{"type":"string","description":"Allow clients to connect to mysqlx with a DNS name that always resolves to the service's private IP addresses. Only available in certain network locations","description_kind":"plain","optional":true},"prometheus":{"type":"string","description":"Allow clients to connect to prometheus with a DNS name that always resolves to the service's private IP addresses. Only available in certain network locations","description_kind":"plain","optional":true}},"description":"Allow access to selected service ports from private networks","description_kind":"plain"},"max_items":1},"privatelink_access":{"nesting_mode":"list","block":{"attributes":{"mysql":{"type":"string","description":"Enable mysql","description_kind":"plain","optional":true},"mysqlx":{"type":"string","description":"Enable mysqlx","description_kind":"plain","optional":true}},"description":"Allow access to selected service components through Privatelink","description_kind":"plain"},"max_items":1},"public_access":{"nesting_mode":"list","block":{"attributes":{"mysql":{"type":"string","description":"Allow clients to connect to mysql from the public internet for service nodes that are in a project VPC or another type of private network","description_kind":"plain","optional":true},"mysqlx":{"type":"string","description":"Allow clients to connect to mysqlx from the public internet for service nodes that are in a project VPC or another type of private network","description_kind":"plain","optional":true},"prometheus":{"type":"string","description":"Allow clients to connect to prometheus from the public internet for service nodes that are in a project VPC or another type of private network","description_kind":"plain","optional":true}},"description":"Allow access to selected service ports from the public Internet","description_kind":"plain"},"max_items":1}},"description":"Mysql user configurable settings","description_kind":"plain"},"max_items":1},"service_integrations":{"nesting_mode":"list","block":{"attributes":{"integration_type":{"type":"string","description":"Type of the service integration. The only supported value at the moment is `read_replica`","description_kind":"plain","required":true},"source_service_name":{"type":"string","description":"Name of the source service","description_kind":"plain","required":true}},"description":"Service integrations to specify when creating a service. Not applied after initial service creation","description_kind":"plain"}},"timeouts":{"nesting_mode":"single","block":{"attributes":{"create":{"type":"string","description_kind":"plain","optional":true},"update":{"type":"string","description_kind":"plain","optional":true}},"description_kind":"plain"}}},"description":"The MySQL resource allows the creation and management of Aiven MySQL services.","description_kind":"plain"}},"aiven_opensearch":{"version":0,"block":{"attributes":{"cloud_name":{"type":"string","description":"Defines where the cloud provider and region where the service is hosted in. This can be changed freely after service is created. Changing the value will trigger a potentially lengthy migration process for the service. Format is cloud provider name (`aws`, `azure`, `do` `google`, `upcloud`, etc.), dash, and the cloud provider specific region name. These are documented on each Cloud provider's own support articles, like [here for Google](https://cloud.google.com/compute/docs/regions-zones/) and [here for AWS](https://docs.aws.amazon.com/AmazonRDS/latest/UserGuide/Concepts.RegionsAndAvailabilityZones.html).","description_kind":"plain","optional":true},"components":{"type":["list",["object",{"component":"string","host":"string","kafka_authentication_method":"string","port":"number","route":"string","ssl":"bool","usage":"string"}]],"description":"Service component information objects","description_kind":"plain","computed":true},"id":{"type":"string","description_kind":"plain","optional":true,"computed":true},"maintenance_window_dow":{"type":"string","description":"Day of week when maintenance operations should be performed. One monday, tuesday, wednesday, etc.","description_kind":"plain","optional":true},"maintenance_window_time":{"type":"string","description":"Time of day when maintenance operations should be performed. UTC time in HH:mm:ss format.","description_kind":"plain","optional":true},"opensearch":{"type":["list",["object",{"opensearch_dashboards_uri":"string"}]],"description":"Opensearch server provided values","description_kind":"plain","computed":true},"plan":{"type":"string","description":"Defines what kind of computing resources are allocated for the service. It can be changed after creation, though there are some restrictions when going to a smaller plan such as the new plan must have sufficient amount of disk space to store all current data and switching to a plan with fewer nodes might not be supported. The basic plan names are `hobbyist`, `startup-x`, `business-x` and `premium-x` where `x` is (roughly) the amount of memory on each node (also other attributes like number of CPUs and amount of disk space varies but naming is based on memory). The available options can be seem from the [Aiven pricing page](https://aiven.io/pricing).","description_kind":"plain","optional":true},"project":{"type":"string","description":"Identifies the project this resource belongs to. To set up proper dependencies please refer to this variable as a reference. This property cannot be changed, doing so forces recreation of the resource.","description_kind":"plain","required":true},"project_vpc_id":{"type":"string","description":"Specifies the VPC the service should run in. If the value is not set the service is not run inside a VPC. When set, the value should be given as a reference to set up dependencies correctly and the VPC must be in the same cloud and region as the service itself. Project can be freely moved to and from VPC after creation but doing so triggers migration to new servers so the operation can take significant amount of time to complete if the service has a lot of data.","description_kind":"plain","optional":true},"service_host":{"type":"string","description":"The hostname of the service.","description_kind":"plain","computed":true},"service_name":{"type":"string","description":"Specifies the actual name of the service. The name cannot be changed later without destroying and re-creating the service so name should be picked based on intended service usage rather than current attributes.","description_kind":"plain","required":true},"service_password":{"type":"string","description":"Password used for connecting to the service, if applicable","description_kind":"plain","computed":true,"sensitive":true},"service_port":{"type":"number","description":"The port of the service","description_kind":"plain","computed":true},"service_type":{"type":"string","description":"Aiven internal service type code","description_kind":"plain","computed":true},"service_uri":{"type":"string","description":"URI for connecting to the service. Service specific info is under \"kafka\", \"pg\", etc.","description_kind":"plain","computed":true,"sensitive":true},"service_username":{"type":"string","description":"Username used for connecting to the service, if applicable","description_kind":"plain","computed":true},"state":{"type":"string","description":"Service state. One of `POWEROFF`, `REBALANCING`, `REBUILDING` or `RUNNING`.","description_kind":"plain","computed":true},"termination_protection":{"type":"bool","description":"Prevents the service from being deleted. It is recommended to set this to `true` for all production services to prevent unintentional service deletion. This does not shield against deleting databases or topics but for services with backups much of the content can at least be restored from backup in case accidental deletion is done.","description_kind":"plain","optional":true}},"block_types":{"opensearch_user_config":{"nesting_mode":"list","block":{"attributes":{"custom_domain":{"type":"string","description":"Custom domain","description_kind":"plain","optional":true},"disable_replication_factor_adjustment":{"type":"string","description":"Disable replication factor adjustment","description_kind":"plain","optional":true},"ip_filter":{"type":["list","string"],"description":"IP filter","description_kind":"plain","optional":true},"keep_index_refresh_interval":{"type":"string","description":"Don't reset index.refresh_interval to the default value","description_kind":"plain","optional":true},"max_index_count":{"type":"string","description":"Maximum index count","description_kind":"plain","optional":true},"opensearch_version":{"type":"string","description":"OpenSearch major version","description_kind":"plain","optional":true},"project_to_fork_from":{"type":"string","description":"Name of another project to fork a service from. This has effect only when a new service is being created.","description_kind":"plain","optional":true},"recovery_basebackup_name":{"type":"string","description":"Name of the basebackup to restore in forked service","description_kind":"plain","optional":true},"service_to_fork_from":{"type":"string","description":"Name of another service to fork from. This has effect only when a new service is being created.","description_kind":"plain","optional":true},"static_ips":{"type":"string","description":"Static IP addresses","description_kind":"plain","optional":true}},"block_types":{"index_patterns":{"nesting_mode":"list","block":{"attributes":{"max_index_count":{"type":"string","description":"Maximum number of indexes to keep","description_kind":"plain","optional":true},"pattern":{"type":"string","description":"fnmatch pattern","description_kind":"plain","optional":true},"sorting_algorithm":{"type":"string","description":"Deletion sorting algorithm","description_kind":"plain","optional":true}},"description":"Index patterns","description_kind":"plain"},"max_items":512},"index_template":{"nesting_mode":"list","block":{"attributes":{"mapping_nested_objects_limit":{"type":"string","description":"index.mapping.nested_objects.limit","description_kind":"plain","optional":true},"number_of_replicas":{"type":"string","description":"index.number_of_replicas","description_kind":"plain","optional":true},"number_of_shards":{"type":"string","description":"index.number_of_shards","description_kind":"plain","optional":true}},"description":"Template settings for all new indexes","description_kind":"plain"},"max_items":1},"opensearch":{"nesting_mode":"list","block":{"attributes":{"action_auto_create_index_enabled":{"type":"string","description":"action.auto_create_index","description_kind":"plain","optional":true},"action_destructive_requires_name":{"type":"string","description":"Require explicit index names when deleting","description_kind":"plain","optional":true},"cluster_max_shards_per_node":{"type":"string","description":"cluster.max_shards_per_node","description_kind":"plain","optional":true},"http_max_content_length":{"type":"string","description":"http.max_content_length","description_kind":"plain","optional":true},"http_max_header_size":{"type":"string","description":"http.max_header_size","description_kind":"plain","optional":true},"http_max_initial_line_length":{"type":"string","description":"http.max_initial_line_length","description_kind":"plain","optional":true},"indices_fielddata_cache_size":{"type":"string","description":"indices.fielddata.cache.size","description_kind":"plain","optional":true},"indices_memory_index_buffer_size":{"type":"string","description":"indices.memory.index_buffer_size","description_kind":"plain","optional":true},"indices_queries_cache_size":{"type":"string","description":"indices.queries.cache.size","description_kind":"plain","optional":true},"indices_query_bool_max_clause_count":{"type":"string","description":"indices.query.bool.max_clause_count","description_kind":"plain","optional":true},"reindex_remote_whitelist":{"type":["list","string"],"description":"reindex_remote_whitelist","description_kind":"plain","optional":true},"search_max_buckets":{"type":"string","description":"search.max_buckets","description_kind":"plain","optional":true},"thread_pool_analyze_queue_size":{"type":"string","description":"analyze thread pool queue size","description_kind":"plain","optional":true},"thread_pool_analyze_size":{"type":"string","description":"analyze thread pool size","description_kind":"plain","optional":true},"thread_pool_force_merge_size":{"type":"string","description":"force_merge thread pool size","description_kind":"plain","optional":true},"thread_pool_get_queue_size":{"type":"string","description":"get thread pool queue size","description_kind":"plain","optional":true},"thread_pool_get_size":{"type":"string","description":"get thread pool size","description_kind":"plain","optional":true},"thread_pool_index_size":{"type":"string","description":"index thread pool size","description_kind":"plain","optional":true},"thread_pool_search_queue_size":{"type":"string","description":"search thread pool queue size","description_kind":"plain","optional":true},"thread_pool_search_size":{"type":"string","description":"search thread pool size","description_kind":"plain","optional":true},"thread_pool_search_throttled_queue_size":{"type":"string","description":"search_throttled thread pool queue size","description_kind":"plain","optional":true},"thread_pool_search_throttled_size":{"type":"string","description":"search_throttled thread pool size","description_kind":"plain","optional":true},"thread_pool_write_queue_size":{"type":"string","description":"write thread pool queue size","description_kind":"plain","optional":true},"thread_pool_write_size":{"type":"string","description":"write thread pool size","description_kind":"plain","optional":true}},"description":"OpenSearch settings","description_kind":"plain"},"max_items":1},"opensearch_dashboards":{"nesting_mode":"list","block":{"attributes":{"enabled":{"type":"string","description":"Enable or disable OpenSearch Dashboards","description_kind":"plain","optional":true},"max_old_space_size":{"type":"string","description":"max_old_space_size","description_kind":"plain","optional":true},"opensearch_request_timeout":{"type":"string","description":"Timeout in milliseconds for requests made by OpenSearch Dashboards towards OpenSearch","description_kind":"plain","optional":true}},"description":"OpenSearch Dashboards settings","description_kind":"plain"},"max_items":1},"private_access":{"nesting_mode":"list","block":{"attributes":{"opensearch":{"type":"string","description":"Allow clients to connect to opensearch with a DNS name that always resolves to the service's private IP addresses. Only available in certain network locations","description_kind":"plain","optional":true},"opensearch_dashboards":{"type":"string","description":"Allow clients to connect to opensearch_dashboards with a DNS name that always resolves to the service's private IP addresses. Only available in certain network locations","description_kind":"plain","optional":true},"prometheus":{"type":"string","description":"Allow clients to connect to prometheus with a DNS name that always resolves to the service's private IP addresses. Only available in certain network locations","description_kind":"plain","optional":true}},"description":"Allow access to selected service ports from private networks","description_kind":"plain"},"max_items":1},"privatelink_access":{"nesting_mode":"list","block":{"attributes":{"opensearch":{"type":"string","description":"Enable opensearch","description_kind":"plain","optional":true},"opensearch_dashboards":{"type":"string","description":"Enable opensearch_dashboards","description_kind":"plain","optional":true}},"description":"Allow access to selected service components through Privatelink","description_kind":"plain"},"max_items":1},"public_access":{"nesting_mode":"list","block":{"attributes":{"opensearch":{"type":"string","description":"Allow clients to connect to opensearch from the public internet for service nodes that are in a project VPC or another type of private network","description_kind":"plain","optional":true},"opensearch_dashboards":{"type":"string","description":"Allow clients to connect to opensearch_dashboards from the public internet for service nodes that are in a project VPC or another type of private network","description_kind":"plain","optional":true},"prometheus":{"type":"string","description":"Allow clients to connect to prometheus from the public internet for service nodes that are in a project VPC or another type of private network","description_kind":"plain","optional":true}},"description":"Allow access to selected service ports from the public Internet","description_kind":"plain"},"max_items":1}},"description":"Opensearch user configurable settings","description_kind":"plain"},"max_items":1},"service_integrations":{"nesting_mode":"list","block":{"attributes":{"integration_type":{"type":"string","description":"Type of the service integration. The only supported value at the moment is `read_replica`","description_kind":"plain","required":true},"source_service_name":{"type":"string","description":"Name of the source service","description_kind":"plain","required":true}},"description":"Service integrations to specify when creating a service. Not applied after initial service creation","description_kind":"plain"}},"timeouts":{"nesting_mode":"single","block":{"attributes":{"create":{"type":"string","description_kind":"plain","optional":true},"update":{"type":"string","description_kind":"plain","optional":true}},"description_kind":"plain"}}},"description":"The Opensearch resource allows the creation and management of Aiven Opensearch services.","description_kind":"plain"}},"aiven_opensearch_acl_config":{"version":0,"block":{"attributes":{"enabled":{"type":"bool","description":"Enable Opensearch ACLs. When disabled authenticated service users have unrestricted access. The default value is `true`.","description_kind":"plain","optional":true},"extended_acl":{"type":"bool","description":"Index rules can be applied in a limited fashion to the _mget, _msearch and _bulk APIs (and only those) by enabling the ExtendedAcl option for the service. When it is enabled, users can use these APIs as long as all operations only target indexes they have been granted access to. The default value is `true`.","description_kind":"plain","optional":true},"id":{"type":"string","description_kind":"plain","optional":true,"computed":true},"project":{"type":"string","description":"Identifies the project this resource belongs to. To set up proper dependencies please refer to this variable as a reference. This property cannot be changed, doing so forces recreation of the resource.","description_kind":"plain","required":true},"service_name":{"type":"string","description":"Specifies the name of the service that this resource belongs to. To set up proper dependencies please refer to this variable as a reference. This property cannot be changed, doing so forces recreation of the resource.","description_kind":"plain","required":true}},"description":"The Opensearch resource allows the creation and management of Aiven Opensearch services.","description_kind":"plain"}},"aiven_opensearch_acl_rule":{"version":0,"block":{"attributes":{"id":{"type":"string","description_kind":"plain","optional":true,"computed":true},"index":{"type":"string","description":"The index pattern for this ACL entry. Maximum Length: `249`. This property cannot be changed, doing so forces recreation of the resource.","description_kind":"plain","required":true},"permission":{"type":"string","description":"The permissions for this ACL entry The possible values are `deny`, `admin`, `read`, `readwrite` and `write`.","description_kind":"plain","required":true},"project":{"type":"string","description":"Identifies the project this resource belongs to. To set up proper dependencies please refer to this variable as a reference. This property cannot be changed, doing so forces recreation of the resource.","description_kind":"plain","required":true},"service_name":{"type":"string","description":"Specifies the name of the service that this resource belongs to. To set up proper dependencies please refer to this variable as a reference. This property cannot be changed, doing so forces recreation of the resource.","description_kind":"plain","required":true},"username":{"type":"string","description":"The username for the ACL entry Maximum Length: `40`. To set up proper dependencies please refer to this variable as a reference. This property cannot be changed, doing so forces recreation of the resource.","description_kind":"plain","required":true}},"description":"The Opensearch ACL Rule resource models a single ACL Rule for an Aiven Opensearch service.","description_kind":"plain"}},"aiven_pg":{"version":0,"block":{"attributes":{"cloud_name":{"type":"string","description":"Defines where the cloud provider and region where the service is hosted in. This can be changed freely after service is created. Changing the value will trigger a potentially lengthy migration process for the service. Format is cloud provider name (`aws`, `azure`, `do` `google`, `upcloud`, etc.), dash, and the cloud provider specific region name. These are documented on each Cloud provider's own support articles, like [here for Google](https://cloud.google.com/compute/docs/regions-zones/) and [here for AWS](https://docs.aws.amazon.com/AmazonRDS/latest/UserGuide/Concepts.RegionsAndAvailabilityZones.html).","description_kind":"plain","optional":true},"components":{"type":["list",["object",{"component":"string","host":"string","kafka_authentication_method":"string","port":"number","route":"string","ssl":"bool","usage":"string"}]],"description":"Service component information objects","description_kind":"plain","computed":true},"id":{"type":"string","description_kind":"plain","optional":true,"computed":true},"maintenance_window_dow":{"type":"string","description":"Day of week when maintenance operations should be performed. One monday, tuesday, wednesday, etc.","description_kind":"plain","optional":true},"maintenance_window_time":{"type":"string","description":"Time of day when maintenance operations should be performed. UTC time in HH:mm:ss format.","description_kind":"plain","optional":true},"plan":{"type":"string","description":"Defines what kind of computing resources are allocated for the service. It can be changed after creation, though there are some restrictions when going to a smaller plan such as the new plan must have sufficient amount of disk space to store all current data and switching to a plan with fewer nodes might not be supported. The basic plan names are `hobbyist`, `startup-x`, `business-x` and `premium-x` where `x` is (roughly) the amount of memory on each node (also other attributes like number of CPUs and amount of disk space varies but naming is based on memory). The available options can be seem from the [Aiven pricing page](https://aiven.io/pricing).","description_kind":"plain","optional":true},"project":{"type":"string","description":"Identifies the project this resource belongs to. To set up proper dependencies please refer to this variable as a reference. This property cannot be changed, doing so forces recreation of the resource.","description_kind":"plain","required":true},"project_vpc_id":{"type":"string","description":"Specifies the VPC the service should run in. If the value is not set the service is not run inside a VPC. When set, the value should be given as a reference to set up dependencies correctly and the VPC must be in the same cloud and region as the service itself. Project can be freely moved to and from VPC after creation but doing so triggers migration to new servers so the operation can take significant amount of time to complete if the service has a lot of data.","description_kind":"plain","optional":true},"service_host":{"type":"string","description":"The hostname of the service.","description_kind":"plain","computed":true},"service_name":{"type":"string","description":"Specifies the actual name of the service. The name cannot be changed later without destroying and re-creating the service so name should be picked based on intended service usage rather than current attributes.","description_kind":"plain","required":true},"service_password":{"type":"string","description":"Password used for connecting to the service, if applicable","description_kind":"plain","computed":true,"sensitive":true},"service_port":{"type":"number","description":"The port of the service","description_kind":"plain","computed":true},"service_type":{"type":"string","description":"Aiven internal service type code","description_kind":"plain","computed":true},"service_uri":{"type":"string","description":"URI for connecting to the service. Service specific info is under \"kafka\", \"pg\", etc.","description_kind":"plain","computed":true,"sensitive":true},"service_username":{"type":"string","description":"Username used for connecting to the service, if applicable","description_kind":"plain","computed":true},"state":{"type":"string","description":"Service state. One of `POWEROFF`, `REBALANCING`, `REBUILDING` or `RUNNING`.","description_kind":"plain","computed":true},"termination_protection":{"type":"bool","description":"Prevents the service from being deleted. It is recommended to set this to `true` for all production services to prevent unintentional service deletion. This does not shield against deleting databases or topics but for services with backups much of the content can at least be restored from backup in case accidental deletion is done.","description_kind":"plain","optional":true}},"block_types":{"pg":{"nesting_mode":"list","block":{"attributes":{"dbname":{"type":"string","description":"Primary PostgreSQL database name","description_kind":"plain","computed":true},"host":{"type":"string","description":"PostgreSQL master node host IP or name","description_kind":"plain","computed":true},"password":{"type":"string","description":"PostgreSQL admin user password","description_kind":"plain","computed":true,"sensitive":true},"port":{"type":"number","description":"PostgreSQL port","description_kind":"plain","computed":true},"replica_uri":{"type":"string","description":"PostgreSQL replica URI for services with a replica","description_kind":"plain","computed":true,"sensitive":true},"sslmode":{"type":"string","description":"PostgreSQL sslmode setting (currently always \"require\")","description_kind":"plain","computed":true},"uri":{"type":"string","description":"PostgreSQL master connection URI","description_kind":"plain","optional":true,"computed":true,"sensitive":true},"user":{"type":"string","description":"PostgreSQL admin user name","description_kind":"plain","computed":true}},"description":"PostgreSQL specific server provided values","description_kind":"plain"},"max_items":1},"pg_user_config":{"nesting_mode":"list","block":{"attributes":{"admin_password":{"type":"string","description":"Custom password for admin user. Defaults to random string. This must be set only when a new service is being created.","description_kind":"plain","optional":true,"sensitive":true},"admin_username":{"type":"string","description":"Custom username for admin user. This must be set only when a new service is being created.","description_kind":"plain","optional":true},"backup_hour":{"type":"string","description":"The hour of day (in UTC) when backup for the service is started. New backup is only started if previous backup has already completed.","description_kind":"plain","optional":true},"backup_minute":{"type":"string","description":"The minute of an hour when backup for the service is started. New backup is only started if previous backup has already completed.","description_kind":"plain","optional":true},"ip_filter":{"type":["list","string"],"description":"IP filter","description_kind":"plain","optional":true},"pg_read_replica":{"type":"string","description":"Should the service which is being forked be a read replica","description_kind":"plain","optional":true},"pg_service_to_fork_from":{"type":"string","description":"Name of the PG Service from which to fork (deprecated, use service_to_fork_from). This has effect only when a new service is being created.","description_kind":"plain","optional":true},"pg_version":{"type":"string","description":"PostgreSQL major version","description_kind":"plain","optional":true},"project_to_fork_from":{"type":"string","description":"Name of another project to fork a service from. This has effect only when a new service is being created.","description_kind":"plain","optional":true},"recovery_target_time":{"type":"string","description":"Recovery target time when forking a service. This has effect only when a new service is being created.","description_kind":"plain","optional":true},"service_to_fork_from":{"type":"string","description":"Name of another service to fork from. This has effect only when a new service is being created.","description_kind":"plain","optional":true},"shared_buffers_percentage":{"type":"string","description":"shared_buffers_percentage","description_kind":"plain","optional":true},"static_ips":{"type":"string","description":"Static IP addresses","description_kind":"plain","optional":true},"synchronous_replication":{"type":"string","description":"Synchronous replication type. Note that the service plan also needs to support synchronous replication.","description_kind":"plain","optional":true},"variant":{"type":"string","description":"Variant of the PostgreSQL service, may affect the features that are exposed by default","description_kind":"plain","optional":true},"work_mem":{"type":"string","description":"work_mem","description_kind":"plain","optional":true}},"block_types":{"migration":{"nesting_mode":"list","block":{"attributes":{"dbname":{"type":"string","description":"Database name for bootstrapping the initial connection","description_kind":"plain","optional":true},"host":{"type":"string","description":"Hostname or IP address of the server where to migrate data from","description_kind":"plain","optional":true},"ignore_dbs":{"type":"string","description":"Comma-separated list of databases, which should be ignored during migration (supported by MySQL only at the moment)","description_kind":"plain","optional":true},"password":{"type":"string","description":"Password for authentication with the server where to migrate data from","description_kind":"plain","optional":true,"sensitive":true},"port":{"type":"string","description":"Port number of the server where to migrate data from","description_kind":"plain","optional":true},"ssl":{"type":"string","description":"The server where to migrate data from is secured with SSL","description_kind":"plain","optional":true},"username":{"type":"string","description":"User name for authentication with the server where to migrate data from","description_kind":"plain","optional":true}},"description":"Migrate data from existing server","description_kind":"plain"},"max_items":1},"pg":{"nesting_mode":"list","block":{"attributes":{"autovacuum_analyze_scale_factor":{"type":"string","description":"autovacuum_analyze_scale_factor","description_kind":"plain","optional":true},"autovacuum_analyze_threshold":{"type":"string","description":"autovacuum_analyze_threshold","description_kind":"plain","optional":true},"autovacuum_freeze_max_age":{"type":"string","description":"autovacuum_freeze_max_age","description_kind":"plain","optional":true},"autovacuum_max_workers":{"type":"string","description":"autovacuum_max_workers","description_kind":"plain","optional":true},"autovacuum_naptime":{"type":"string","description":"autovacuum_naptime","description_kind":"plain","optional":true},"autovacuum_vacuum_cost_delay":{"type":"string","description":"autovacuum_vacuum_cost_delay","description_kind":"plain","optional":true},"autovacuum_vacuum_cost_limit":{"type":"string","description":"autovacuum_vacuum_cost_limit","description_kind":"plain","optional":true},"autovacuum_vacuum_scale_factor":{"type":"string","description":"autovacuum_vacuum_scale_factor","description_kind":"plain","optional":true},"autovacuum_vacuum_threshold":{"type":"string","description":"autovacuum_vacuum_threshold","description_kind":"plain","optional":true},"bgwriter_delay":{"type":"string","description":"bgwriter_delay","description_kind":"plain","optional":true},"bgwriter_flush_after":{"type":"string","description":"bgwriter_flush_after","description_kind":"plain","optional":true},"bgwriter_lru_maxpages":{"type":"string","description":"bgwriter_lru_maxpages","description_kind":"plain","optional":true},"bgwriter_lru_multiplier":{"type":"string","description":"bgwriter_lru_multiplier","description_kind":"plain","optional":true},"deadlock_timeout":{"type":"string","description":"deadlock_timeout","description_kind":"plain","optional":true},"idle_in_transaction_session_timeout":{"type":"string","description":"idle_in_transaction_session_timeout","description_kind":"plain","optional":true},"jit":{"type":"string","description":"jit","description_kind":"plain","optional":true},"log_autovacuum_min_duration":{"type":"string","description":"log_autovacuum_min_duration","description_kind":"plain","optional":true},"log_error_verbosity":{"type":"string","description":"log_error_verbosity","description_kind":"plain","optional":true},"log_line_prefix":{"type":"string","description":"log_line_prefix","description_kind":"plain","optional":true},"log_min_duration_statement":{"type":"string","description":"log_min_duration_statement","description_kind":"plain","optional":true},"max_files_per_process":{"type":"string","description":"max_files_per_process","description_kind":"plain","optional":true},"max_locks_per_transaction":{"type":"string","description":"max_locks_per_transaction","description_kind":"plain","optional":true},"max_logical_replication_workers":{"type":"string","description":"max_logical_replication_workers","description_kind":"plain","optional":true},"max_parallel_workers":{"type":"string","description":"max_parallel_workers","description_kind":"plain","optional":true},"max_parallel_workers_per_gather":{"type":"string","description":"max_parallel_workers_per_gather","description_kind":"plain","optional":true},"max_pred_locks_per_transaction":{"type":"string","description":"max_pred_locks_per_transaction","description_kind":"plain","optional":true},"max_prepared_transactions":{"type":"string","description":"max_prepared_transactions","description_kind":"plain","optional":true},"max_replication_slots":{"type":"string","description":"max_replication_slots","description_kind":"plain","optional":true},"max_stack_depth":{"type":"string","description":"max_stack_depth","description_kind":"plain","optional":true},"max_standby_archive_delay":{"type":"string","description":"max_standby_archive_delay","description_kind":"plain","optional":true},"max_standby_streaming_delay":{"type":"string","description":"max_standby_streaming_delay","description_kind":"plain","optional":true},"max_wal_senders":{"type":"string","description":"max_wal_senders","description_kind":"plain","optional":true},"max_worker_processes":{"type":"string","description":"max_worker_processes","description_kind":"plain","optional":true},"pg_partman_bgw__dot__interval":{"type":"string","description":"pg_partman_bgw.interval","description_kind":"plain","optional":true},"pg_partman_bgw__dot__role":{"type":"string","description":"pg_partman_bgw.role","description_kind":"plain","optional":true},"pg_stat_statements__dot__track":{"type":"string","description":"pg_stat_statements.track","description_kind":"plain","optional":true},"temp_file_limit":{"type":"string","description":"temp_file_limit","description_kind":"plain","optional":true},"timezone":{"type":"string","description":"timezone","description_kind":"plain","optional":true},"track_activity_query_size":{"type":"string","description":"track_activity_query_size","description_kind":"plain","optional":true},"track_commit_timestamp":{"type":"string","description":"track_commit_timestamp","description_kind":"plain","optional":true},"track_functions":{"type":"string","description":"track_functions","description_kind":"plain","optional":true},"track_io_timing":{"type":"string","description":"track_io_timing","description_kind":"plain","optional":true},"wal_sender_timeout":{"type":"string","description":"wal_sender_timeout","description_kind":"plain","optional":true},"wal_writer_delay":{"type":"string","description":"wal_writer_delay","description_kind":"plain","optional":true}},"description":"postgresql.conf configuration values","description_kind":"plain"},"max_items":1},"pgbouncer":{"nesting_mode":"list","block":{"attributes":{"autodb_idle_timeout":{"type":"string","description":"If the automatically created database pools have been unused this many seconds, they are freed. If 0 then timeout is disabled. [seconds]","description_kind":"plain","optional":true},"autodb_max_db_connections":{"type":"string","description":"Do not allow more than this many server connections per database (regardless of user). Setting it to 0 means unlimited.","description_kind":"plain","optional":true},"autodb_pool_mode":{"type":"string","description":"PGBouncer pool mode","description_kind":"plain","optional":true},"autodb_pool_size":{"type":"string","description":"If non-zero then create automatically a pool of that size per user when a pool doesn't exist.","description_kind":"plain","optional":true},"ignore_startup_parameters":{"type":["list","string"],"description":"List of parameters to ignore when given in startup packet","description_kind":"plain","optional":true},"min_pool_size":{"type":"string","description":"Add more server connections to pool if below this number. Improves behavior when usual load comes suddenly back after period of total inactivity. The value is effectively capped at the pool size.","description_kind":"plain","optional":true},"server_idle_timeout":{"type":"string","description":"If a server connection has been idle more than this many seconds it will be dropped. If 0 then timeout is disabled. [seconds]","description_kind":"plain","optional":true},"server_lifetime":{"type":"string","description":"The pooler will close an unused server connection that has been connected longer than this. [seconds]","description_kind":"plain","optional":true},"server_reset_query_always":{"type":"string","description":"Run server_reset_query (DISCARD ALL) in all pooling modes","description_kind":"plain","optional":true}},"description":"PGBouncer connection pooling settings","description_kind":"plain"},"max_items":1},"pglookout":{"nesting_mode":"list","block":{"attributes":{"max_failover_replication_time_lag":{"type":"string","description":"max_failover_replication_time_lag","description_kind":"plain","optional":true}},"description":"PGLookout settings","description_kind":"plain"},"max_items":1},"private_access":{"nesting_mode":"list","block":{"attributes":{"pg":{"type":"string","description":"Allow clients to connect to pg with a DNS name that always resolves to the service's private IP addresses. Only available in certain network locations","description_kind":"plain","optional":true},"pgbouncer":{"type":"string","description":"Allow clients to connect to pgbouncer with a DNS name that always resolves to the service's private IP addresses. Only available in certain network locations","description_kind":"plain","optional":true},"prometheus":{"type":"string","description":"Allow clients to connect to prometheus with a DNS name that always resolves to the service's private IP addresses. Only available in certain network locations","description_kind":"plain","optional":true}},"description":"Allow access to selected service ports from private networks","description_kind":"plain"},"max_items":1},"privatelink_access":{"nesting_mode":"list","block":{"attributes":{"pg":{"type":"string","description":"Enable pg","description_kind":"plain","optional":true},"pgbouncer":{"type":"string","description":"Enable pgbouncer","description_kind":"plain","optional":true}},"description":"Allow access to selected service components through Privatelink","description_kind":"plain"},"max_items":1},"public_access":{"nesting_mode":"list","block":{"attributes":{"pg":{"type":"string","description":"Allow clients to connect to pg from the public internet for service nodes that are in a project VPC or another type of private network","description_kind":"plain","optional":true},"pgbouncer":{"type":"string","description":"Allow clients to connect to pgbouncer from the public internet for service nodes that are in a project VPC or another type of private network","description_kind":"plain","optional":true},"prometheus":{"type":"string","description":"Allow clients to connect to prometheus from the public internet for service nodes that are in a project VPC or another type of private network","description_kind":"plain","optional":true}},"description":"Allow access to selected service ports from the public Internet","description_kind":"plain"},"max_items":1},"timescaledb":{"nesting_mode":"list","block":{"attributes":{"max_background_workers":{"type":"string","description":"timescaledb.max_background_workers","description_kind":"plain","optional":true}},"description":"TimescaleDB extension configuration values","description_kind":"plain"},"max_items":1}},"description":"Pg user configurable settings","description_kind":"plain"},"max_items":1},"service_integrations":{"nesting_mode":"list","block":{"attributes":{"integration_type":{"type":"string","description":"Type of the service integration. The only supported value at the moment is `read_replica`","description_kind":"plain","required":true},"source_service_name":{"type":"string","description":"Name of the source service","description_kind":"plain","required":true}},"description":"Service integrations to specify when creating a service. Not applied after initial service creation","description_kind":"plain"}},"timeouts":{"nesting_mode":"single","block":{"attributes":{"create":{"type":"string","description_kind":"plain","optional":true},"default":{"type":"string","description_kind":"plain","optional":true},"update":{"type":"string","description_kind":"plain","optional":true}},"description_kind":"plain"}}},"description":"The PG resource allows the creation and management of Aiven PostgreSQL services.","description_kind":"plain"}},"aiven_project":{"version":0,"block":{"attributes":{"account_id":{"type":"string","description":"An optional property to link a project to already an existing account by using account ID. To set up proper dependencies please refer to this variable as a reference.","description_kind":"plain","optional":true},"add_account_owners_admin_access":{"type":"bool","description":"If account_id is set, grant account owner team admin access to the new project. The default value is `true`.","description_kind":"plain","optional":true},"available_credits":{"type":"string","description":"The amount of platform credits available to the project. This could be your free trial or other promotional credits.","description_kind":"plain","optional":true,"computed":true},"billing_address":{"type":"string","description":"**DEPRECATED Please use aiven_billing_group resource to set this value.** Billing name and address of the project.","description_kind":"plain","deprecated":true,"optional":true},"billing_currency":{"type":"string","description":"**DEPRECATED Please use aiven_billing_group resource to set this value.** Billing currency.","description_kind":"plain","deprecated":true,"optional":true},"billing_emails":{"type":["set","string"],"description":"**DEPRECATED Please use aiven_billing_group resource to set this value.** Billing contact emails of the project.","description_kind":"plain","deprecated":true,"optional":true},"billing_extra_text":{"type":"string","description":"**DEPRECATED Please use aiven_billing_group resource to set this value.** Extra text to be included in all project invoices, e.g. purchase order or cost center number.","description_kind":"plain","deprecated":true,"optional":true},"billing_group":{"type":"string","description":"The id of the billing group that is linked to this project. To set up proper dependencies please refer to this variable as a reference.","description_kind":"plain","optional":true},"ca_cert":{"type":"string","description":"The CA certificate of the project. This is required for configuring clients that connect to certain services like Kafka.","description_kind":"plain","computed":true,"sensitive":true},"card_id":{"type":"string","description":"**DEPRECATED Please use aiven_billing_group resource to set this value.** Either the full card UUID or the last 4 digits of the card. As the full UUID is not shown in the UI it is typically easier to use the last 4 digits to identify the card. This can be omitted if `copy_from_project` is used to copy billing info from another project.","description_kind":"plain","deprecated":true,"optional":true},"copy_from_project":{"type":"string","description":"is the name of another project used to copy billing information and some other project attributes like technical contacts from. This is mostly relevant when an existing project has billing type set to invoice and that needs to be copied over to a new project. (Setting billing is otherwise not allowed over the API.) This only has effect when the project is created. To set up proper dependencies please refer to this variable as a reference.","description_kind":"plain","optional":true},"country_code":{"type":"string","description":"**DEPRECATED Please use aiven_billing_group resource to set this value.** Billing country code of the project.","description_kind":"plain","deprecated":true,"optional":true},"default_cloud":{"type":"string","description":"Defines the default cloud provider and region where services are hosted. This can be changed freely after the project is created. This will not affect existing services.","description_kind":"plain","optional":true},"estimated_balance":{"type":"string","description":"The current accumulated bill for this project in the current billing period.","description_kind":"plain","computed":true},"id":{"type":"string","description_kind":"plain","optional":true,"computed":true},"payment_method":{"type":"string","description":"The method of invoicing used for payments for this project, e.g. `card`.","description_kind":"plain","computed":true},"project":{"type":"string","description":"Defines the name of the project. Name must be globally unique (between all Aiven customers) and cannot be changed later without destroying and re-creating the project, including all sub-resources.","description_kind":"plain","required":true},"technical_emails":{"type":["set","string"],"description":"Defines the email addresses that will receive alerts about upcoming maintenance updates or warnings about service instability. It is  good practice to keep this up-to-date to be aware of any potential issues with your project.","description_kind":"plain","optional":true},"use_source_project_billing_group":{"type":"bool","description":"Use the same billing group that is used in source project.","description_kind":"plain","optional":true},"vat_id":{"type":"string","description":"**DEPRECATED Please use aiven_billing_group resource to set this value.** EU VAT Identification Number.","description_kind":"plain","deprecated":true,"optional":true}},"description":"The Project resource allows the creation and management of Aiven Projects.","description_kind":"plain"}},"aiven_project_user":{"version":0,"block":{"attributes":{"accepted":{"type":"bool","description":"Whether the user has accepted the request to join the project; adding user to a project sends an invitation to the target user and the actual membership is only created once the user accepts the invitation.","description_kind":"plain","computed":true},"email":{"type":"string","description":"Email address of the user. This property cannot be changed, doing so forces recreation of the resource.","description_kind":"plain","required":true},"id":{"type":"string","description_kind":"plain","optional":true,"computed":true},"member_type":{"type":"string","description":"Project membership type. The possible values are `admin`, `developer` and `operator`.","description_kind":"plain","required":true},"project":{"type":"string","description":"Identifies the project this resource belongs to. To set up proper dependencies please refer to this variable as a reference. This property cannot be changed, doing so forces recreation of the resource.","description_kind":"plain","required":true}},"description":"The Project User resource allows the creation and management of Aiven Project Users.","description_kind":"plain"}},"aiven_project_vpc":{"version":0,"block":{"attributes":{"cloud_name":{"type":"string","description":"Defines where the cloud provider and region where the service is hosted in. See the Service resource for additional information. This property cannot be changed, doing so forces recreation of the resource.","description_kind":"plain","required":true},"id":{"type":"string","description_kind":"plain","optional":true,"computed":true},"network_cidr":{"type":"string","description":"Network address range used by the VPC like 192.168.0.0/24","description_kind":"plain","required":true},"project":{"type":"string","description":"Identifies the project this resource belongs to. To set up proper dependencies please refer to this variable as a reference. This property cannot be changed, doing so forces recreation of the resource.","description_kind":"plain","required":true},"state":{"type":"string","description":"State of the VPC. The possible values are `APPROVED`, `ACTIVE`, `DELETING` and `DELETED`.","description_kind":"plain","computed":true}},"block_types":{"timeouts":{"nesting_mode":"single","block":{"attributes":{"create":{"type":"string","description_kind":"plain","optional":true},"delete":{"type":"string","description_kind":"plain","optional":true}},"description_kind":"plain"}}},"description":"The Project VPC resource allows the creation and management of Aiven Project VPCs.","description_kind":"plain"}},"aiven_redis":{"version":0,"block":{"attributes":{"cloud_name":{"type":"string","description":"Defines where the cloud provider and region where the service is hosted in. This can be changed freely after service is created. Changing the value will trigger a potentially lengthy migration process for the service. Format is cloud provider name (`aws`, `azure`, `do` `google`, `upcloud`, etc.), dash, and the cloud provider specific region name. These are documented on each Cloud provider's own support articles, like [here for Google](https://cloud.google.com/compute/docs/regions-zones/) and [here for AWS](https://docs.aws.amazon.com/AmazonRDS/latest/UserGuide/Concepts.RegionsAndAvailabilityZones.html).","description_kind":"plain","optional":true},"components":{"type":["list",["object",{"component":"string","host":"string","kafka_authentication_method":"string","port":"number","route":"string","ssl":"bool","usage":"string"}]],"description":"Service component information objects","description_kind":"plain","computed":true},"id":{"type":"string","description_kind":"plain","optional":true,"computed":true},"maintenance_window_dow":{"type":"string","description":"Day of week when maintenance operations should be performed. One monday, tuesday, wednesday, etc.","description_kind":"plain","optional":true},"maintenance_window_time":{"type":"string","description":"Time of day when maintenance operations should be performed. UTC time in HH:mm:ss format.","description_kind":"plain","optional":true},"plan":{"type":"string","description":"Defines what kind of computing resources are allocated for the service. It can be changed after creation, though there are some restrictions when going to a smaller plan such as the new plan must have sufficient amount of disk space to store all current data and switching to a plan with fewer nodes might not be supported. The basic plan names are `hobbyist`, `startup-x`, `business-x` and `premium-x` where `x` is (roughly) the amount of memory on each node (also other attributes like number of CPUs and amount of disk space varies but naming is based on memory). The available options can be seem from the [Aiven pricing page](https://aiven.io/pricing).","description_kind":"plain","optional":true},"project":{"type":"string","description":"Identifies the project this resource belongs to. To set up proper dependencies please refer to this variable as a reference. This property cannot be changed, doing so forces recreation of the resource.","description_kind":"plain","required":true},"project_vpc_id":{"type":"string","description":"Specifies the VPC the service should run in. If the value is not set the service is not run inside a VPC. When set, the value should be given as a reference to set up dependencies correctly and the VPC must be in the same cloud and region as the service itself. Project can be freely moved to and from VPC after creation but doing so triggers migration to new servers so the operation can take significant amount of time to complete if the service has a lot of data.","description_kind":"plain","optional":true},"redis":{"type":["list",["object",{}]],"description":"Redis server provided values","description_kind":"plain","computed":true},"service_host":{"type":"string","description":"The hostname of the service.","description_kind":"plain","computed":true},"service_name":{"type":"string","description":"Specifies the actual name of the service. The name cannot be changed later without destroying and re-creating the service so name should be picked based on intended service usage rather than current attributes.","description_kind":"plain","required":true},"service_password":{"type":"string","description":"Password used for connecting to the service, if applicable","description_kind":"plain","computed":true,"sensitive":true},"service_port":{"type":"number","description":"The port of the service","description_kind":"plain","computed":true},"service_type":{"type":"string","description":"Aiven internal service type code","description_kind":"plain","computed":true},"service_uri":{"type":"string","description":"URI for connecting to the service. Service specific info is under \"kafka\", \"pg\", etc.","description_kind":"plain","computed":true,"sensitive":true},"service_username":{"type":"string","description":"Username used for connecting to the service, if applicable","description_kind":"plain","computed":true},"state":{"type":"string","description":"Service state. One of `POWEROFF`, `REBALANCING`, `REBUILDING` or `RUNNING`.","description_kind":"plain","computed":true},"termination_protection":{"type":"bool","description":"Prevents the service from being deleted. It is recommended to set this to `true` for all production services to prevent unintentional service deletion. This does not shield against deleting databases or topics but for services with backups much of the content can at least be restored from backup in case accidental deletion is done.","description_kind":"plain","optional":true}},"block_types":{"redis_user_config":{"nesting_mode":"list","block":{"attributes":{"ip_filter":{"type":["list","string"],"description":"IP filter","description_kind":"plain","optional":true},"project_to_fork_from":{"type":"string","description":"Name of another project to fork a service from. This has effect only when a new service is being created.","description_kind":"plain","optional":true},"recovery_basebackup_name":{"type":"string","description":"Name of the basebackup to restore in forked service","description_kind":"plain","optional":true},"redis_acl_channels_default":{"type":"string","description":"Default ACL for pub/sub channels used when Redis user is created","description_kind":"plain","optional":true},"redis_io_threads":{"type":"string","description":"Redis IO thread count","description_kind":"plain","optional":true},"redis_lfu_decay_time":{"type":"string","description":"LFU maxmemory-policy counter decay time in minutes","description_kind":"plain","optional":true},"redis_lfu_log_factor":{"type":"string","description":"Counter logarithm factor for volatile-lfu and allkeys-lfu maxmemory-policies","description_kind":"plain","optional":true},"redis_maxmemory_policy":{"type":"string","description":"Redis maxmemory-policy","description_kind":"plain","optional":true},"redis_notify_keyspace_events":{"type":"string","description":"Set notify-keyspace-events option","description_kind":"plain","optional":true},"redis_number_of_databases":{"type":"string","description":"Number of redis databases","description_kind":"plain","optional":true},"redis_persistence":{"type":"string","description":"Redis persistence","description_kind":"plain","optional":true},"redis_pubsub_client_output_buffer_limit":{"type":"string","description":"Pub/sub client output buffer hard limit in MB","description_kind":"plain","optional":true},"redis_ssl":{"type":"string","description":"Require SSL to access Redis","description_kind":"plain","optional":true},"redis_timeout":{"type":"string","description":"Redis idle connection timeout","description_kind":"plain","optional":true},"service_to_fork_from":{"type":"string","description":"Name of another service to fork from. This has effect only when a new service is being created.","description_kind":"plain","optional":true},"static_ips":{"type":"string","description":"Static IP addresses","description_kind":"plain","optional":true}},"block_types":{"migration":{"nesting_mode":"list","block":{"attributes":{"dbname":{"type":"string","description":"Database name for bootstrapping the initial connection","description_kind":"plain","optional":true},"host":{"type":"string","description":"Hostname or IP address of the server where to migrate data from","description_kind":"plain","optional":true},"ignore_dbs":{"type":"string","description":"Comma-separated list of databases, which should be ignored during migration (supported by MySQL only at the moment)","description_kind":"plain","optional":true},"password":{"type":"string","description":"Password for authentication with the server where to migrate data from","description_kind":"plain","optional":true,"sensitive":true},"port":{"type":"string","description":"Port number of the server where to migrate data from","description_kind":"plain","optional":true},"ssl":{"type":"string","description":"The server where to migrate data from is secured with SSL","description_kind":"plain","optional":true},"username":{"type":"string","description":"User name for authentication with the server where to migrate data from","description_kind":"plain","optional":true}},"description":"Migrate data from existing server","description_kind":"plain"},"max_items":1},"private_access":{"nesting_mode":"list","block":{"attributes":{"prometheus":{"type":"string","description":"Allow clients to connect to prometheus with a DNS name that always resolves to the service's private IP addresses. Only available in certain network locations","description_kind":"plain","optional":true},"redis":{"type":"string","description":"Allow clients to connect to redis with a DNS name that always resolves to the service's private IP addresses. Only available in certain network locations","description_kind":"plain","optional":true}},"description":"Allow access to selected service ports from private networks","description_kind":"plain"},"max_items":1},"privatelink_access":{"nesting_mode":"list","block":{"attributes":{"redis":{"type":"string","description":"Enable redis","description_kind":"plain","optional":true}},"description":"Allow access to selected service components through Privatelink","description_kind":"plain"},"max_items":1},"public_access":{"nesting_mode":"list","block":{"attributes":{"prometheus":{"type":"string","description":"Allow clients to connect to prometheus from the public internet for service nodes that are in a project VPC or another type of private network","description_kind":"plain","optional":true},"redis":{"type":"string","description":"Allow clients to connect to redis from the public internet for service nodes that are in a project VPC or another type of private network","description_kind":"plain","optional":true}},"description":"Allow access to selected service ports from the public Internet","description_kind":"plain"},"max_items":1}},"description":"Redis user configurable settings","description_kind":"plain"},"max_items":1},"service_integrations":{"nesting_mode":"list","block":{"attributes":{"integration_type":{"type":"string","description":"Type of the service integration. The only supported value at the moment is `read_replica`","description_kind":"plain","required":true},"source_service_name":{"type":"string","description":"Name of the source service","description_kind":"plain","required":true}},"description":"Service integrations to specify when creating a service. Not applied after initial service creation","description_kind":"plain"}},"timeouts":{"nesting_mode":"single","block":{"attributes":{"create":{"type":"string","description_kind":"plain","optional":true},"update":{"type":"string","description_kind":"plain","optional":true}},"description_kind":"plain"}}},"description":"The Redis resource allows the creation and management of Aiven Redis services.","description_kind":"plain"}},"aiven_service":{"version":0,"block":{"attributes":{"cassandra":{"type":["list",["object",{}]],"description":"Cassandra specific server provided values","description_kind":"plain","computed":true},"cloud_name":{"type":"string","description":"Cloud the service runs in","description_kind":"plain","optional":true},"components":{"type":["list",["object",{"component":"string","host":"string","kafka_authentication_method":"string","port":"number","route":"string","ssl":"bool","usage":"string"}]],"description":"Service component information objects","description_kind":"plain","computed":true},"elasticsearch":{"type":["list",["object",{"kibana_uri":"string"}]],"description":"Elasticsearch specific server provided values","description_kind":"plain","computed":true},"grafana":{"type":["list",["object",{}]],"description":"Grafana specific server provided values","description_kind":"plain","computed":true},"id":{"type":"string","description_kind":"plain","optional":true,"computed":true},"influxdb":{"type":["list",["object",{"database_name":"string"}]],"description":"InfluxDB specific server provided values","description_kind":"plain","computed":true},"kafka_connect":{"type":["list",["object",{}]],"description":"Kafka Connect specific server provided values","description_kind":"plain","computed":true},"kafka_mirrormaker":{"type":["list",["object",{}]],"description":"Kafka MirrorMaker 2 specific server provided values","description_kind":"plain","computed":true},"maintenance_window_dow":{"type":"string","description":"Day of week when maintenance operations should be performed. One monday, tuesday, wednesday, etc.","description_kind":"plain","optional":true},"maintenance_window_time":{"type":"string","description":"Time of day when maintenance operations should be performed. UTC time in HH:mm:ss format.","description_kind":"plain","optional":true},"mysql":{"type":["list",["object",{}]],"description":"MySQL specific server provided values","description_kind":"plain","computed":true},"opensearch":{"type":["list",["object",{"opensearch_dashboards_uri":"string"}]],"description":"Opensearch specific server provided values","description_kind":"plain","computed":true},"pg":{"type":["list",["object",{"dbname":"string","host":"string","password":"string","port":"number","replica_uri":"string","sslmode":"string","uri":"string","user":"string"}]],"description":"PostgreSQL specific server provided values","description_kind":"plain","computed":true},"plan":{"type":"string","description":"Subscription plan","description_kind":"plain","optional":true},"project":{"type":"string","description":"Target project","description_kind":"plain","required":true},"project_vpc_id":{"type":"string","description":"Identifier of the VPC the service should be in, if any","description_kind":"plain","optional":true},"redis":{"type":["list",["object",{}]],"description":"Redis specific server provided values","description_kind":"plain","computed":true},"service_host":{"type":"string","description":"Service hostname","description_kind":"plain","computed":true},"service_name":{"type":"string","description":"Service name","description_kind":"plain","required":true},"service_password":{"type":"string","description":"Password used for connecting to the service, if applicable","description_kind":"plain","computed":true,"sensitive":true},"service_port":{"type":"number","description":"Service port","description_kind":"plain","computed":true},"service_type":{"type":"string","description":"Service type code","description_kind":"plain","required":true},"service_uri":{"type":"string","description":"URI for connecting to the service. Service specific info is under \"kafka\", \"pg\", etc.","description_kind":"plain","computed":true,"sensitive":true},"service_username":{"type":"string","description":"Username used for connecting to the service, if applicable","description_kind":"plain","computed":true},"state":{"type":"string","description":"Service state. One of `POWEROFF`, `REBALANCING`, `REBUILDING` and `RUNNING`.","description_kind":"plain","computed":true},"termination_protection":{"type":"bool","description":"Prevent service from being deleted. It is recommended to have this enabled for all services.","description_kind":"plain","optional":true}},"block_types":{"cassandra_user_config":{"nesting_mode":"list","block":{"attributes":{"cassandra_version":{"type":"string","description":"Cassandra major version","description_kind":"plain","optional":true},"ip_filter":{"type":["list","string"],"description":"IP filter","description_kind":"plain","optional":true},"migrate_sstableloader":{"type":"string","description":"Migration mode for the sstableloader utility","description_kind":"plain","optional":true},"project_to_fork_from":{"type":"string","description":"Name of another project to fork a service from. This has effect only when a new service is being created.","description_kind":"plain","optional":true},"service_to_fork_from":{"type":"string","description":"Name of another service to fork from. This has effect only when a new service is being created.","description_kind":"plain","optional":true},"static_ips":{"type":"string","description":"Static IP addresses","description_kind":"plain","optional":true}},"block_types":{"cassandra":{"nesting_mode":"list","block":{"attributes":{"batch_size_fail_threshold_in_kb":{"type":"string","description":"batch_size_fail_threshold_in_kb","description_kind":"plain","optional":true},"batch_size_warn_threshold_in_kb":{"type":"string","description":"batch_size_warn_threshold_in_kb","description_kind":"plain","optional":true}},"description":"cassandra configuration values","description_kind":"plain"},"max_items":1},"private_access":{"nesting_mode":"list","block":{"attributes":{"prometheus":{"type":"string","description":"Allow clients to connect to prometheus with a DNS name that always resolves to the service's private IP addresses. Only available in certain network locations","description_kind":"plain","optional":true}},"description":"Allow access to selected service ports from private networks","description_kind":"plain"},"max_items":1},"public_access":{"nesting_mode":"list","block":{"attributes":{"prometheus":{"type":"string","description":"Allow clients to connect to prometheus from the public internet for service nodes that are in a project VPC or another type of private network","description_kind":"plain","optional":true}},"description":"Allow access to selected service ports from the public Internet","description_kind":"plain"},"max_items":1}},"description":"Cassandra user configurable settings","description_kind":"plain"},"max_items":1},"elasticsearch_user_config":{"nesting_mode":"list","block":{"attributes":{"custom_domain":{"type":"string","description":"Custom domain","description_kind":"plain","optional":true},"disable_replication_factor_adjustment":{"type":"string","description":"Disable replication factor adjustment","description_kind":"plain","optional":true},"elasticsearch_version":{"type":"string","description":"Elasticsearch major version","description_kind":"plain","optional":true},"ip_filter":{"type":["list","string"],"description":"IP filter","description_kind":"plain","optional":true},"keep_index_refresh_interval":{"type":"string","description":"Don't reset index.refresh_interval to the default value","description_kind":"plain","optional":true},"max_index_count":{"type":"string","description":"Maximum index count","description_kind":"plain","optional":true},"opensearch_version":{"type":"string","description":"OpenSearch major version","description_kind":"plain","optional":true},"project_to_fork_from":{"type":"string","description":"Name of another project to fork a service from. This has effect only when a new service is being created.","description_kind":"plain","optional":true},"recovery_basebackup_name":{"type":"string","description":"Name of the basebackup to restore in forked service","description_kind":"plain","optional":true},"service_to_fork_from":{"type":"string","description":"Name of another service to fork from. This has effect only when a new service is being created.","description_kind":"plain","optional":true},"static_ips":{"type":"string","description":"Static IP addresses","description_kind":"plain","optional":true}},"block_types":{"elasticsearch":{"nesting_mode":"list","block":{"attributes":{"action_auto_create_index_enabled":{"type":"string","description":"action.auto_create_index","description_kind":"plain","optional":true},"action_destructive_requires_name":{"type":"string","description":"Require explicit index names when deleting","description_kind":"plain","optional":true},"cluster_max_shards_per_node":{"type":"string","description":"cluster.max_shards_per_node","description_kind":"plain","optional":true},"http_max_content_length":{"type":"string","description":"http.max_content_length","description_kind":"plain","optional":true},"http_max_header_size":{"type":"string","description":"http.max_header_size","description_kind":"plain","optional":true},"http_max_initial_line_length":{"type":"string","description":"http.max_initial_line_length","description_kind":"plain","optional":true},"indices_fielddata_cache_size":{"type":"string","description":"indices.fielddata.cache.size","description_kind":"plain","optional":true},"indices_memory_index_buffer_size":{"type":"string","description":"indices.memory.index_buffer_size","description_kind":"plain","optional":true},"indices_queries_cache_size":{"type":"string","description":"indices.queries.cache.size","description_kind":"plain","optional":true},"indices_query_bool_max_clause_count":{"type":"string","description":"indices.query.bool.max_clause_count","description_kind":"plain","optional":true},"reindex_remote_whitelist":{"type":["list","string"],"description":"reindex_remote_whitelist","description_kind":"plain","optional":true},"search_max_buckets":{"type":"string","description":"search.max_buckets","description_kind":"plain","optional":true},"thread_pool_analyze_queue_size":{"type":"string","description":"analyze thread pool queue size","description_kind":"plain","optional":true},"thread_pool_analyze_size":{"type":"string","description":"analyze thread pool size","description_kind":"plain","optional":true},"thread_pool_force_merge_size":{"type":"string","description":"force_merge thread pool size","description_kind":"plain","optional":true},"thread_pool_get_queue_size":{"type":"string","description":"get thread pool queue size","description_kind":"plain","optional":true},"thread_pool_get_size":{"type":"string","description":"get thread pool size","description_kind":"plain","optional":true},"thread_pool_index_queue_size":{"type":"string","description":"index thread pool queue size","description_kind":"plain","optional":true},"thread_pool_index_size":{"type":"string","description":"index thread pool size","description_kind":"plain","optional":true},"thread_pool_search_queue_size":{"type":"string","description":"search thread pool queue size","description_kind":"plain","optional":true},"thread_pool_search_size":{"type":"string","description":"search thread pool size","description_kind":"plain","optional":true},"thread_pool_search_throttled_queue_size":{"type":"string","description":"search_throttled thread pool queue size","description_kind":"plain","optional":true},"thread_pool_search_throttled_size":{"type":"string","description":"search_throttled thread pool size","description_kind":"plain","optional":true},"thread_pool_write_queue_size":{"type":"string","description":"write thread pool queue size","description_kind":"plain","optional":true},"thread_pool_write_size":{"type":"string","description":"write thread pool size","description_kind":"plain","optional":true}},"description":"Elasticsearch settings","description_kind":"plain"},"max_items":1},"index_patterns":{"nesting_mode":"list","block":{"attributes":{"max_index_count":{"type":"string","description":"Maximum number of indexes to keep","description_kind":"plain","optional":true},"pattern":{"type":"string","description":"fnmatch pattern","description_kind":"plain","optional":true},"sorting_algorithm":{"type":"string","description":"Deletion sorting algorithm","description_kind":"plain","optional":true}},"description":"Index patterns","description_kind":"plain"},"max_items":512},"index_template":{"nesting_mode":"list","block":{"attributes":{"mapping_nested_objects_limit":{"type":"string","description":"index.mapping.nested_objects.limit","description_kind":"plain","optional":true},"number_of_replicas":{"type":"string","description":"index.number_of_replicas","description_kind":"plain","optional":true},"number_of_shards":{"type":"string","description":"index.number_of_shards","description_kind":"plain","optional":true}},"description":"Template settings for all new indexes","description_kind":"plain"},"max_items":1},"kibana":{"nesting_mode":"list","block":{"attributes":{"elasticsearch_request_timeout":{"type":"string","description":"Timeout in milliseconds for requests made by Kibana towards Elasticsearch","description_kind":"plain","optional":true},"enabled":{"type":"string","description":"Enable or disable Kibana","description_kind":"plain","optional":true},"max_old_space_size":{"type":"string","description":"max_old_space_size","description_kind":"plain","optional":true}},"description":"Kibana settings","description_kind":"plain"},"max_items":1},"private_access":{"nesting_mode":"list","block":{"attributes":{"elasticsearch":{"type":"string","description":"Allow clients to connect to elasticsearch with a DNS name that always resolves to the service's private IP addresses. Only available in certain network locations","description_kind":"plain","optional":true},"kibana":{"type":"string","description":"Allow clients to connect to kibana with a DNS name that always resolves to the service's private IP addresses. Only available in certain network locations","description_kind":"plain","optional":true},"prometheus":{"type":"string","description":"Allow clients to connect to prometheus with a DNS name that always resolves to the service's private IP addresses. Only available in certain network locations","description_kind":"plain","optional":true}},"description":"Allow access to selected service ports from private networks","description_kind":"plain"},"max_items":1},"privatelink_access":{"nesting_mode":"list","block":{"attributes":{"elasticsearch":{"type":"string","description":"Enable elasticsearch","description_kind":"plain","optional":true},"kibana":{"type":"string","description":"Enable kibana","description_kind":"plain","optional":true}},"description":"Allow access to selected service components through Privatelink","description_kind":"plain"},"max_items":1},"public_access":{"nesting_mode":"list","block":{"attributes":{"elasticsearch":{"type":"string","description":"Allow clients to connect to elasticsearch from the public internet for service nodes that are in a project VPC or another type of private network","description_kind":"plain","optional":true},"kibana":{"type":"string","description":"Allow clients to connect to kibana from the public internet for service nodes that are in a project VPC or another type of private network","description_kind":"plain","optional":true},"prometheus":{"type":"string","description":"Allow clients to connect to prometheus from the public internet for service nodes that are in a project VPC or another type of private network","description_kind":"plain","optional":true}},"description":"Allow access to selected service ports from the public Internet","description_kind":"plain"},"max_items":1}},"description":"Elasticsearch user configurable settings","description_kind":"plain"},"max_items":1},"flink":{"nesting_mode":"list","block":{"attributes":{"host_ports":{"type":["list","string"],"description":"Host and Port of a Flink server","description_kind":"plain","optional":true,"computed":true}},"description":"Flink specific server provided values","description_kind":"plain"}},"flink_user_config":{"nesting_mode":"list","block":{"attributes":{"execution_checkpointing_interval_ms":{"type":"string","description":"Flink execution.checkpointing.interval in milliseconds","description_kind":"plain","optional":true},"execution_checkpointing_timeout_ms":{"type":"string","description":"Flink execution.checkpointing.timeout in milliseconds","description_kind":"plain","optional":true},"flink_version":{"type":"string","description":"Flink major version","description_kind":"plain","optional":true},"ip_filter":{"type":["list","string"],"description":"IP filter","description_kind":"plain","optional":true},"number_of_task_slots":{"type":"string","description":"Flink taskmanager.numberOfTaskSlots","description_kind":"plain","optional":true},"parallelism_default":{"type":"string","description":"Flink parallelism.default","description_kind":"plain","optional":true},"restart_strategy":{"type":"string","description":"Flink restart-strategy","description_kind":"plain","optional":true},"restart_strategy_delay_sec":{"type":"string","description":"Flink restart-strategy.failure-rate.delay in seconds","description_kind":"plain","optional":true},"restart_strategy_failure_rate_interval_min":{"type":"string","description":"Flink restart-strategy.failure-rate.failure-rate-interval in minutes","description_kind":"plain","optional":true},"restart_strategy_max_failures":{"type":"string","description":"Flink restart-strategy.failure-rate.max-failures-per-interval","description_kind":"plain","optional":true}},"description":"Flink user configurable settings","description_kind":"plain"},"max_items":1},"grafana_user_config":{"nesting_mode":"list","block":{"attributes":{"alerting_enabled":{"type":"string","description":"Enable or disable Grafana alerting functionality","description_kind":"plain","optional":true},"alerting_error_or_timeout":{"type":"string","description":"Default error or timeout setting for new alerting rules","description_kind":"plain","optional":true},"alerting_max_annotations_to_keep":{"type":"string","description":"Max number of alert annotations that Grafana stores. 0 (default) keeps all alert annotations.","description_kind":"plain","optional":true},"alerting_nodata_or_nullvalues":{"type":"string","description":"Default value for 'no data or null values' for new alerting rules","description_kind":"plain","optional":true},"allow_embedding":{"type":"string","description":"Allow embedding Grafana dashboards with iframe/frame/object/embed tags. Disabled by default to limit impact of clickjacking","description_kind":"plain","optional":true},"auth_basic_enabled":{"type":"string","description":"Enable or disable basic authentication form, used by Grafana built-in login","description_kind":"plain","optional":true},"cookie_samesite":{"type":"string","description":"Cookie SameSite attribute: 'strict' prevents sending cookie for cross-site requests, effectively disabling direct linking from other sites to Grafana. 'lax' is the default value.","description_kind":"plain","optional":true},"custom_domain":{"type":"string","description":"Custom domain","description_kind":"plain","optional":true},"dashboards_min_refresh_interval":{"type":"string","description":"Minimum refresh interval","description_kind":"plain","optional":true},"dashboards_versions_to_keep":{"type":"string","description":"Dashboard versions to keep per dashboard","description_kind":"plain","optional":true},"dataproxy_send_user_header":{"type":"string","description":"Send 'X-Grafana-User' header to data source","description_kind":"plain","optional":true},"dataproxy_timeout":{"type":"string","description":"Timeout for data proxy requests in seconds","description_kind":"plain","optional":true},"disable_gravatar":{"type":"string","description":"Set to true to disable gravatar. Defaults to false (gravatar is enabled)","description_kind":"plain","optional":true},"editors_can_admin":{"type":"string","description":"Editors can manage folders, teams and dashboards created by them","description_kind":"plain","optional":true},"google_analytics_ua_id":{"type":"string","description":"Google Analytics ID","description_kind":"plain","optional":true},"ip_filter":{"type":["list","string"],"description":"IP filter","description_kind":"plain","optional":true},"metrics_enabled":{"type":"string","description":"Enable Grafana /metrics endpoint","description_kind":"plain","optional":true},"project_to_fork_from":{"type":"string","description":"Name of another project to fork a service from. This has effect only when a new service is being created.","description_kind":"plain","optional":true},"recovery_basebackup_name":{"type":"string","description":"Name of the basebackup to restore in forked service","description_kind":"plain","optional":true},"service_to_fork_from":{"type":"string","description":"Name of another service to fork from. This has effect only when a new service is being created.","description_kind":"plain","optional":true},"static_ips":{"type":"string","description":"Static IP addresses","description_kind":"plain","optional":true},"user_auto_assign_org":{"type":"string","description":"Auto-assign new users on signup to main organization. Defaults to false","description_kind":"plain","optional":true},"user_auto_assign_org_role":{"type":"string","description":"Set role for new signups. Defaults to Viewer","description_kind":"plain","optional":true},"viewers_can_edit":{"type":"string","description":"Users with view-only permission can edit but not save dashboards","description_kind":"plain","optional":true}},"block_types":{"auth_azuread":{"nesting_mode":"list","block":{"attributes":{"allow_sign_up":{"type":"string","description":"Automatically sign-up users on successful sign-in","description_kind":"plain","optional":true},"allowed_domains":{"type":["list","string"],"description":"Allowed domains","description_kind":"plain","optional":true},"allowed_groups":{"type":["list","string"],"description":"Require users to belong to one of given groups","description_kind":"plain","optional":true},"auth_url":{"type":"string","description":"Authorization URL","description_kind":"plain","optional":true},"client_id":{"type":"string","description":"Client ID from provider","description_kind":"plain","optional":true},"client_secret":{"type":"string","description":"Client secret from provider","description_kind":"plain","optional":true},"token_url":{"type":"string","description":"Token URL","description_kind":"plain","optional":true}},"description":"Azure AD OAuth integration","description_kind":"plain"},"max_items":1},"auth_generic_oauth":{"nesting_mode":"list","block":{"attributes":{"allow_sign_up":{"type":"string","description":"Automatically sign-up users on successful sign-in","description_kind":"plain","optional":true},"allowed_domains":{"type":["list","string"],"description":"Allowed domains","description_kind":"plain","optional":true},"allowed_organizations":{"type":["list","string"],"description":"Require user to be member of one of the listed organizations","description_kind":"plain","optional":true},"api_url":{"type":"string","description":"API URL","description_kind":"plain","optional":true},"auth_url":{"type":"string","description":"Authorization URL","description_kind":"plain","optional":true},"client_id":{"type":"string","description":"Client ID from provider","description_kind":"plain","optional":true},"client_secret":{"type":"string","description":"Client secret from provider","description_kind":"plain","optional":true},"name":{"type":"string","description":"Name of the OAuth integration","description_kind":"plain","optional":true},"scopes":{"type":["list","string"],"description":"OAuth scopes","description_kind":"plain","optional":true},"token_url":{"type":"string","description":"Token URL","description_kind":"plain","optional":true}},"description":"Generic OAuth integration","description_kind":"plain"},"max_items":1},"auth_github":{"nesting_mode":"list","block":{"attributes":{"allow_sign_up":{"type":"string","description":"Automatically sign-up users on successful sign-in","description_kind":"plain","optional":true},"allowed_organizations":{"type":["list","string"],"description":"Require users to belong to one of given organizations","description_kind":"plain","optional":true},"client_id":{"type":"string","description":"Client ID from provider","description_kind":"plain","optional":true},"client_secret":{"type":"string","description":"Client secret from provider","description_kind":"plain","optional":true},"team_ids":{"type":["list","string"],"description":"Require users to belong to one of given team IDs","description_kind":"plain","optional":true}},"description":"Github Auth integration","description_kind":"plain"},"max_items":1},"auth_gitlab":{"nesting_mode":"list","block":{"attributes":{"allow_sign_up":{"type":"string","description":"Automatically sign-up users on successful sign-in","description_kind":"plain","optional":true},"allowed_groups":{"type":["list","string"],"description":"Require users to belong to one of given groups","description_kind":"plain","optional":true},"api_url":{"type":"string","description":"API URL. This only needs to be set when using self hosted GitLab","description_kind":"plain","optional":true},"auth_url":{"type":"string","description":"Authorization URL. This only needs to be set when using self hosted GitLab","description_kind":"plain","optional":true},"client_id":{"type":"string","description":"Client ID from provider","description_kind":"plain","optional":true},"client_secret":{"type":"string","description":"Client secret from provider","description_kind":"plain","optional":true},"token_url":{"type":"string","description":"Token URL. This only needs to be set when using self hosted GitLab","description_kind":"plain","optional":true}},"description":"GitLab Auth integration","description_kind":"plain"},"max_items":1},"auth_google":{"nesting_mode":"list","block":{"attributes":{"allow_sign_up":{"type":"string","description":"Automatically sign-up users on successful sign-in","description_kind":"plain","optional":true},"allowed_domains":{"type":["list","string"],"description":"Domains allowed to sign-in to this Grafana","description_kind":"plain","optional":true},"client_id":{"type":"string","description":"Client ID from provider","description_kind":"plain","optional":true},"client_secret":{"type":"string","description":"Client secret from provider","description_kind":"plain","optional":true}},"description":"Google Auth integration","description_kind":"plain"},"max_items":1},"date_formats":{"nesting_mode":"list","block":{"attributes":{"default_timezone":{"type":"string","description":"Default time zone for user preferences. Value 'browser' uses browser local time zone.","description_kind":"plain","optional":true},"full_date":{"type":"string","description":"Moment.js style format string for cases where full date is shown","description_kind":"plain","optional":true},"interval_day":{"type":"string","description":"Moment.js style format string used when a time requiring day accuracy is shown","description_kind":"plain","optional":true},"interval_hour":{"type":"string","description":"Moment.js style format string used when a time requiring hour accuracy is shown","description_kind":"plain","optional":true},"interval_minute":{"type":"string","description":"Moment.js style format string used when a time requiring minute accuracy is shown","description_kind":"plain","optional":true},"interval_month":{"type":"string","description":"Moment.js style format string used when a time requiring month accuracy is shown","description_kind":"plain","optional":true},"interval_second":{"type":"string","description":"Moment.js style format string used when a time requiring second accuracy is shown","description_kind":"plain","optional":true},"interval_year":{"type":"string","description":"Moment.js style format string used when a time requiring year accuracy is shown","description_kind":"plain","optional":true}},"description":"Grafana date format specifications","description_kind":"plain"},"max_items":1},"external_image_storage":{"nesting_mode":"list","block":{"attributes":{"access_key":{"type":"string","description":"S3 access key. Requires permissions to the S3 bucket for the s3:PutObject and s3:PutObjectAcl actions","description_kind":"plain","optional":true},"bucket_url":{"type":"string","description":"Bucket URL for S3","description_kind":"plain","optional":true},"provider":{"type":"string","description":"Provider type","description_kind":"plain","optional":true},"secret_key":{"type":"string","description":"S3 secret key","description_kind":"plain","optional":true}},"description":"External image store settings","description_kind":"plain"},"max_items":1},"private_access":{"nesting_mode":"list","block":{"attributes":{"grafana":{"type":"string","description":"Allow clients to connect to grafana with a DNS name that always resolves to the service's private IP addresses. Only available in certain network locations","description_kind":"plain","optional":true}},"description":"Allow access to selected service ports from private networks","description_kind":"plain"},"max_items":1},"privatelink_access":{"nesting_mode":"list","block":{"attributes":{"grafana":{"type":"string","description":"Enable grafana","description_kind":"plain","optional":true}},"description":"Allow access to selected service components through Privatelink","description_kind":"plain"},"max_items":1},"public_access":{"nesting_mode":"list","block":{"attributes":{"grafana":{"type":"string","description":"Allow clients to connect to grafana from the public internet for service nodes that are in a project VPC or another type of private network","description_kind":"plain","optional":true}},"description":"Allow access to selected service ports from the public Internet","description_kind":"plain"},"max_items":1},"smtp_server":{"nesting_mode":"list","block":{"attributes":{"from_address":{"type":"string","description":"Address used for sending emails","description_kind":"plain","optional":true},"from_name":{"type":"string","description":"Name used in outgoing emails, defaults to Grafana","description_kind":"plain","optional":true},"host":{"type":"string","description":"Server hostname or IP","description_kind":"plain","optional":true},"password":{"type":"string","description":"Password for SMTP authentication","description_kind":"plain","optional":true,"sensitive":true},"port":{"type":"string","description":"SMTP server port","description_kind":"plain","optional":true},"skip_verify":{"type":"string","description":"Skip verifying server certificate. Defaults to false","description_kind":"plain","optional":true},"starttls_policy":{"type":"string","description":"Either OpportunisticStartTLS, MandatoryStartTLS or NoStartTLS. Default is OpportunisticStartTLS.","description_kind":"plain","optional":true},"username":{"type":"string","description":"Username for SMTP authentication","description_kind":"plain","optional":true}},"description":"SMTP server settings","description_kind":"plain"},"max_items":1}},"description":"Grafana user configurable settings","description_kind":"plain"},"max_items":1},"influxdb_user_config":{"nesting_mode":"list","block":{"attributes":{"custom_domain":{"type":"string","description":"Custom domain","description_kind":"plain","optional":true},"ip_filter":{"type":["list","string"],"description":"IP filter","description_kind":"plain","optional":true},"project_to_fork_from":{"type":"string","description":"Name of another project to fork a service from. This has effect only when a new service is being created.","description_kind":"plain","optional":true},"recovery_basebackup_name":{"type":"string","description":"Name of the basebackup to restore in forked service","description_kind":"plain","optional":true},"service_to_fork_from":{"type":"string","description":"Name of another service to fork from. This has effect only when a new service is being created.","description_kind":"plain","optional":true},"static_ips":{"type":"string","description":"Static IP addresses","description_kind":"plain","optional":true}},"block_types":{"influxdb":{"nesting_mode":"list","block":{"attributes":{"log_queries_after":{"type":"string","description":"The maximum duration in seconds before a query is logged as a slow query. Setting this to 0 (the default) will never log slow queries.","description_kind":"plain","optional":true},"max_connection_limit":{"type":"string","description":"Maximum number of connections to InfluxDB. Setting this to 0 (default) means no limit. If using max_connection_limit, it is recommended to set the value to be large enough in order to not block clients unnecessarily.","description_kind":"plain","optional":true},"max_row_limit":{"type":"string","description":"The maximum number of rows returned in a non-chunked query. Setting this to 0 (the default) allows an unlimited number to be returned.","description_kind":"plain","optional":true},"max_select_buckets":{"type":"string","description":"The maximum number of 'GROUP BY time()' buckets that can be processed in a query. Setting this to 0 (the default) allows an unlimited number to be processed.","description_kind":"plain","optional":true},"max_select_point":{"type":"string","description":"The maximum number of points that can be processed in a SELECT statement. Setting this to 0 (the default) allows an unlimited number to be processed.","description_kind":"plain","optional":true},"query_timeout":{"type":"string","description":"The maximum duration in seconds before a query is killed. Setting this to 0 (the default) will never kill slow queries.","description_kind":"plain","optional":true}},"description":"influxdb.conf configuration values","description_kind":"plain"},"max_items":1},"private_access":{"nesting_mode":"list","block":{"attributes":{"influxdb":{"type":"string","description":"Allow clients to connect to influxdb with a DNS name that always resolves to the service's private IP addresses. Only available in certain network locations","description_kind":"plain","optional":true}},"description":"Allow access to selected service ports from private networks","description_kind":"plain"},"max_items":1},"privatelink_access":{"nesting_mode":"list","block":{"attributes":{"influxdb":{"type":"string","description":"Enable influxdb","description_kind":"plain","optional":true}},"description":"Allow access to selected service components through Privatelink","description_kind":"plain"},"max_items":1},"public_access":{"nesting_mode":"list","block":{"attributes":{"influxdb":{"type":"string","description":"Allow clients to connect to influxdb from the public internet for service nodes that are in a project VPC or another type of private network","description_kind":"plain","optional":true}},"description":"Allow access to selected service ports from the public Internet","description_kind":"plain"},"max_items":1}},"description":"Influxdb user configurable settings","description_kind":"plain"},"max_items":1},"kafka":{"nesting_mode":"list","block":{"attributes":{"access_cert":{"type":"string","description":"The Kafka client certificate","description_kind":"plain","optional":true,"computed":true,"sensitive":true},"access_key":{"type":"string","description":"The Kafka client certificate key","description_kind":"plain","optional":true,"computed":true,"sensitive":true},"connect_uri":{"type":"string","description":"The Kafka Connect URI, if any","description_kind":"plain","optional":true,"computed":true,"sensitive":true},"rest_uri":{"type":"string","description":"The Kafka REST URI, if any","description_kind":"plain","optional":true,"computed":true,"sensitive":true},"schema_registry_uri":{"type":"string","description":"The Schema Registry URI, if any","description_kind":"plain","optional":true,"computed":true,"sensitive":true}},"description":"Kafka specific server provided values","description_kind":"plain"}},"kafka_connect_user_config":{"nesting_mode":"list","block":{"attributes":{"ip_filter":{"type":["list","string"],"description":"IP filter","description_kind":"plain","optional":true},"static_ips":{"type":"string","description":"Static IP addresses","description_kind":"plain","optional":true}},"block_types":{"kafka_connect":{"nesting_mode":"list","block":{"attributes":{"connector_client_config_override_policy":{"type":"string","description":"Client config override policy","description_kind":"plain","optional":true},"consumer_auto_offset_reset":{"type":"string","description":"Consumer auto offset reset","description_kind":"plain","optional":true},"consumer_fetch_max_bytes":{"type":"string","description":"The maximum amount of data the server should return for a fetch request","description_kind":"plain","optional":true},"consumer_isolation_level":{"type":"string","description":"Consumer isolation level","description_kind":"plain","optional":true},"consumer_max_partition_fetch_bytes":{"type":"string","description":"The maximum amount of data per-partition the server will return.","description_kind":"plain","optional":true},"consumer_max_poll_interval_ms":{"type":"string","description":"The maximum delay between polls when using consumer group management","description_kind":"plain","optional":true},"consumer_max_poll_records":{"type":"string","description":"The maximum number of records returned by a single poll","description_kind":"plain","optional":true},"offset_flush_interval_ms":{"type":"string","description":"The interval at which to try committing offsets for tasks","description_kind":"plain","optional":true},"offset_flush_timeout_ms":{"type":"string","description":"Offset flush timeout","description_kind":"plain","optional":true},"producer_max_request_size":{"type":"string","description":"The maximum size of a request in bytes","description_kind":"plain","optional":true},"session_timeout_ms":{"type":"string","description":"The timeout used to detect failures when using Kafka’s group management facilities","description_kind":"plain","optional":true}},"description":"Kafka Connect configuration values","description_kind":"plain"},"max_items":1},"private_access":{"nesting_mode":"list","block":{"attributes":{"kafka_connect":{"type":"string","description":"Allow clients to connect to kafka_connect with a DNS name that always resolves to the service's private IP addresses. Only available in certain network locations","description_kind":"plain","optional":true},"prometheus":{"type":"string","description":"Allow clients to connect to prometheus with a DNS name that always resolves to the service's private IP addresses. Only available in certain network locations","description_kind":"plain","optional":true}},"description":"Allow access to selected service ports from private networks","description_kind":"plain"},"max_items":1},"privatelink_access":{"nesting_mode":"list","block":{"attributes":{"kafka_connect":{"type":"string","description":"Enable kafka_connect","description_kind":"plain","optional":true}},"description":"Allow access to selected service components through Privatelink","description_kind":"plain"},"max_items":1},"public_access":{"nesting_mode":"list","block":{"attributes":{"kafka_connect":{"type":"string","description":"Allow clients to connect to kafka_connect from the public internet for service nodes that are in a project VPC or another type of private network","description_kind":"plain","optional":true},"prometheus":{"type":"string","description":"Allow clients to connect to prometheus from the public internet for service nodes that are in a project VPC or another type of private network","description_kind":"plain","optional":true}},"description":"Allow access to selected service ports from the public Internet","description_kind":"plain"},"max_items":1}},"description":"Kafka_connect user configurable settings","description_kind":"plain"},"max_items":1},"kafka_mirrormaker_user_config":{"nesting_mode":"list","block":{"attributes":{"ip_filter":{"type":["list","string"],"description":"IP filter","description_kind":"plain","optional":true},"static_ips":{"type":"string","description":"Static IP addresses","description_kind":"plain","optional":true}},"block_types":{"kafka_mirrormaker":{"nesting_mode":"list","block":{"attributes":{"emit_checkpoints_enabled":{"type":"string","description":"Emit consumer group offset checkpoints","description_kind":"plain","optional":true},"emit_checkpoints_interval_seconds":{"type":"string","description":"Frequency of consumer group offset checkpoints","description_kind":"plain","optional":true},"refresh_groups_enabled":{"type":"string","description":"Refresh consumer groups","description_kind":"plain","optional":true},"refresh_groups_interval_seconds":{"type":"string","description":"Frequency of group refresh","description_kind":"plain","optional":true},"refresh_topics_enabled":{"type":"string","description":"Refresh topics and partitions","description_kind":"plain","optional":true},"refresh_topics_interval_seconds":{"type":"string","description":"Frequency of topic and partitions refresh","description_kind":"plain","optional":true},"sync_group_offsets_enabled":{"type":"string","description":"Sync consumer group offsets","description_kind":"plain","optional":true},"sync_group_offsets_interval_seconds":{"type":"string","description":"Frequency of consumer group offset sync","description_kind":"plain","optional":true},"sync_topic_configs_enabled":{"type":"string","description":"Sync remote topics","description_kind":"plain","optional":true},"tasks_max_per_cpu":{"type":"string","description":"Maximum number of MirrorMaker tasks (of each type) per service CPU","description_kind":"plain","optional":true}},"description":"Kafka MirrorMaker configuration values","description_kind":"plain"},"max_items":1}},"description":"Kafka_mirrormaker user configurable settings","description_kind":"plain"},"max_items":1},"kafka_user_config":{"nesting_mode":"list","block":{"attributes":{"custom_domain":{"type":"string","description":"Custom domain","description_kind":"plain","optional":true},"ip_filter":{"type":["list","string"],"description":"IP filter","description_kind":"plain","optional":true},"kafka_connect":{"type":"string","description":"Enable Kafka Connect service","description_kind":"plain","optional":true},"kafka_rest":{"type":"string","description":"Enable Kafka-REST service","description_kind":"plain","optional":true},"kafka_version":{"type":"string","description":"Kafka major version","description_kind":"plain","optional":true},"schema_registry":{"type":"string","description":"Enable Schema-Registry service","description_kind":"plain","optional":true},"static_ips":{"type":"string","description":"Static IP addresses","description_kind":"plain","optional":true}},"block_types":{"kafka":{"nesting_mode":"list","block":{"attributes":{"auto_create_topics_enable":{"type":"string","description":"auto.create.topics.enable","description_kind":"plain","optional":true},"compression_type":{"type":"string","description":"compression.type","description_kind":"plain","optional":true},"connections_max_idle_ms":{"type":"string","description":"connections.max.idle.ms","description_kind":"plain","optional":true},"default_replication_factor":{"type":"string","description":"default.replication.factor","description_kind":"plain","optional":true},"group_initial_rebalance_delay_ms":{"type":"string","description":"group.initial.rebalance.delay.ms","description_kind":"plain","optional":true},"group_max_session_timeout_ms":{"type":"string","description":"group.max.session.timeout.ms","description_kind":"plain","optional":true},"group_min_session_timeout_ms":{"type":"string","description":"group.min.session.timeout.ms","description_kind":"plain","optional":true},"log_cleaner_delete_retention_ms":{"type":"string","description":"log.cleaner.delete.retention.ms","description_kind":"plain","optional":true},"log_cleaner_max_compaction_lag_ms":{"type":"string","description":"log.cleaner.max.compaction.lag.ms","description_kind":"plain","optional":true},"log_cleaner_min_cleanable_ratio":{"type":"string","description":"log.cleaner.min.cleanable.ratio","description_kind":"plain","optional":true},"log_cleaner_min_compaction_lag_ms":{"type":"string","description":"log.cleaner.min.compaction.lag.ms","description_kind":"plain","optional":true},"log_cleanup_policy":{"type":"string","description":"log.cleanup.policy","description_kind":"plain","optional":true},"log_flush_interval_messages":{"type":"string","description":"log.flush.interval.messages","description_kind":"plain","optional":true},"log_flush_interval_ms":{"type":"string","description":"log.flush.interval.ms","description_kind":"plain","optional":true},"log_index_interval_bytes":{"type":"string","description":"log.index.interval.bytes","description_kind":"plain","optional":true},"log_index_size_max_bytes":{"type":"string","description":"log.index.size.max.bytes","description_kind":"plain","optional":true},"log_message_downconversion_enable":{"type":"string","description":"log.message.downconversion.enable","description_kind":"plain","optional":true},"log_message_timestamp_difference_max_ms":{"type":"string","description":"log.message.timestamp.difference.max.ms","description_kind":"plain","optional":true},"log_message_timestamp_type":{"type":"string","description":"log.message.timestamp.type","description_kind":"plain","optional":true},"log_preallocate":{"type":"string","description":"log.preallocate","description_kind":"plain","optional":true},"log_retention_bytes":{"type":"string","description":"log.retention.bytes","description_kind":"plain","optional":true},"log_retention_hours":{"type":"string","description":"log.retention.hours","description_kind":"plain","optional":true},"log_retention_ms":{"type":"string","description":"log.retention.ms","description_kind":"plain","optional":true},"log_roll_jitter_ms":{"type":"string","description":"log.roll.jitter.ms","description_kind":"plain","optional":true},"log_roll_ms":{"type":"string","description":"log.roll.ms","description_kind":"plain","optional":true},"log_segment_bytes":{"type":"string","description":"log.segment.bytes","description_kind":"plain","optional":true},"log_segment_delete_delay_ms":{"type":"string","description":"log.segment.delete.delay.ms","description_kind":"plain","optional":true},"max_connections_per_ip":{"type":"string","description":"max.connections.per.ip","description_kind":"plain","optional":true},"max_incremental_fetch_session_cache_slots":{"type":"string","description":"max.incremental.fetch.session.cache.slots","description_kind":"plain","optional":true},"message_max_bytes":{"type":"string","description":"message.max.bytes","description_kind":"plain","optional":true},"min_insync_replicas":{"type":"string","description":"min.insync.replicas","description_kind":"plain","optional":true},"num_partitions":{"type":"string","description":"num.partitions","description_kind":"plain","optional":true},"offsets_retention_minutes":{"type":"string","description":"offsets.retention.minutes","description_kind":"plain","optional":true},"producer_purgatory_purge_interval_requests":{"type":"string","description":"producer.purgatory.purge.interval.requests","description_kind":"plain","optional":true},"replica_fetch_max_bytes":{"type":"string","description":"replica.fetch.max.bytes","description_kind":"plain","optional":true},"replica_fetch_response_max_bytes":{"type":"string","description":"replica.fetch.response.max.bytes","description_kind":"plain","optional":true},"socket_request_max_bytes":{"type":"string","description":"socket.request.max.bytes","description_kind":"plain","optional":true},"transaction_remove_expired_transaction_cleanup_interval_ms":{"type":"string","description":"transaction.remove.expired.transaction.cleanup.interval.ms","description_kind":"plain","optional":true},"transaction_state_log_segment_bytes":{"type":"string","description":"transaction.state.log.segment.bytes","description_kind":"plain","optional":true}},"description":"Kafka broker configuration values","description_kind":"plain"},"max_items":1},"kafka_authentication_methods":{"nesting_mode":"list","block":{"attributes":{"certificate":{"type":"string","description":"Enable certificate/SSL authentication","description_kind":"plain","optional":true},"sasl":{"type":"string","description":"Enable SASL authentication","description_kind":"plain","optional":true}},"description":"Kafka authentication methods","description_kind":"plain"},"max_items":1},"kafka_connect_config":{"nesting_mode":"list","block":{"attributes":{"connector_client_config_override_policy":{"type":"string","description":"Client config override policy","description_kind":"plain","optional":true},"consumer_auto_offset_reset":{"type":"string","description":"Consumer auto offset reset","description_kind":"plain","optional":true},"consumer_fetch_max_bytes":{"type":"string","description":"The maximum amount of data the server should return for a fetch request","description_kind":"plain","optional":true},"consumer_isolation_level":{"type":"string","description":"Consumer isolation level","description_kind":"plain","optional":true},"consumer_max_partition_fetch_bytes":{"type":"string","description":"The maximum amount of data per-partition the server will return.","description_kind":"plain","optional":true},"consumer_max_poll_interval_ms":{"type":"string","description":"The maximum delay between polls when using consumer group management","description_kind":"plain","optional":true},"consumer_max_poll_records":{"type":"string","description":"The maximum number of records returned by a single poll","description_kind":"plain","optional":true},"offset_flush_interval_ms":{"type":"string","description":"The interval at which to try committing offsets for tasks","description_kind":"plain","optional":true},"offset_flush_timeout_ms":{"type":"string","description":"Offset flush timeout","description_kind":"plain","optional":true},"producer_max_request_size":{"type":"string","description":"The maximum size of a request in bytes","description_kind":"plain","optional":true},"session_timeout_ms":{"type":"string","description":"The timeout used to detect failures when using Kafka’s group management facilities","description_kind":"plain","optional":true}},"description":"Kafka Connect configuration values","description_kind":"plain"},"max_items":1},"kafka_rest_config":{"nesting_mode":"list","block":{"attributes":{"consumer_enable_auto_commit":{"type":"string","description":"consumer.enable.auto.commit","description_kind":"plain","optional":true},"consumer_request_max_bytes":{"type":"string","description":"consumer.request.max.bytes","description_kind":"plain","optional":true},"consumer_request_timeout_ms":{"type":"string","description":"consumer.request.timeout.ms","description_kind":"plain","optional":true},"producer_acks":{"type":"string","description":"producer.acks","description_kind":"plain","optional":true},"producer_linger_ms":{"type":"string","description":"producer.linger.ms","description_kind":"plain","optional":true},"simpleconsumer_pool_size_max":{"type":"string","description":"simpleconsumer.pool.size.max","description_kind":"plain","optional":true}},"description":"Kafka REST configuration","description_kind":"plain"},"max_items":1},"private_access":{"nesting_mode":"list","block":{"attributes":{"prometheus":{"type":"string","description":"Allow clients to connect to prometheus with a DNS name that always resolves to the service's private IP addresses. Only available in certain network locations","description_kind":"plain","optional":true}},"description":"Allow access to selected service ports from private networks","description_kind":"plain"},"max_items":1},"privatelink_access":{"nesting_mode":"list","block":{"attributes":{"kafka":{"type":"string","description":"Enable kafka","description_kind":"plain","optional":true},"kafka_connect":{"type":"string","description":"Enable kafka_connect","description_kind":"plain","optional":true},"kafka_rest":{"type":"string","description":"Enable kafka_rest","description_kind":"plain","optional":true},"schema_registry":{"type":"string","description":"Enable schema_registry","description_kind":"plain","optional":true}},"description":"Allow access to selected service components through Privatelink","description_kind":"plain"},"max_items":1},"public_access":{"nesting_mode":"list","block":{"attributes":{"kafka":{"type":"string","description":"Allow clients to connect to kafka from the public internet for service nodes that are in a project VPC or another type of private network","description_kind":"plain","optional":true},"kafka_connect":{"type":"string","description":"Allow clients to connect to kafka_connect from the public internet for service nodes that are in a project VPC or another type of private network","description_kind":"plain","optional":true},"kafka_rest":{"type":"string","description":"Allow clients to connect to kafka_rest from the public internet for service nodes that are in a project VPC or another type of private network","description_kind":"plain","optional":true},"prometheus":{"type":"string","description":"Allow clients to connect to prometheus from the public internet for service nodes that are in a project VPC or another type of private network","description_kind":"plain","optional":true},"schema_registry":{"type":"string","description":"Allow clients to connect to schema_registry from the public internet for service nodes that are in a project VPC or another type of private network","description_kind":"plain","optional":true}},"description":"Allow access to selected service ports from the public Internet","description_kind":"plain"},"max_items":1},"schema_registry_config":{"nesting_mode":"list","block":{"attributes":{"leader_eligibility":{"type":"string","description":"leader_eligibility","description_kind":"plain","optional":true},"topic_name":{"type":"string","description":"topic_name","description_kind":"plain","optional":true}},"description":"Schema Registry configuration","description_kind":"plain"},"max_items":1}},"description":"Kafka user configurable settings","description_kind":"plain"},"max_items":1},"mysql_user_config":{"nesting_mode":"list","block":{"attributes":{"admin_password":{"type":"string","description":"Custom password for admin user. Defaults to random string. This must be set only when a new service is being created.","description_kind":"plain","optional":true,"sensitive":true},"admin_username":{"type":"string","description":"Custom username for admin user. This must be set only when a new service is being created.","description_kind":"plain","optional":true},"backup_hour":{"type":"string","description":"The hour of day (in UTC) when backup for the service is started. New backup is only started if previous backup has already completed.","description_kind":"plain","optional":true},"backup_minute":{"type":"string","description":"The minute of an hour when backup for the service is started. New backup is only started if previous backup has already completed.","description_kind":"plain","optional":true},"binlog_retention_period":{"type":"string","description":"The minimum amount of time in seconds to keep binlog entries before deletion. This may be extended for services that require binlog entries for longer than the default for example if using the MySQL Debezium Kafka connector.","description_kind":"plain","optional":true},"ip_filter":{"type":["list","string"],"description":"IP filter","description_kind":"plain","optional":true},"mysql_version":{"type":"string","description":"MySQL major version","description_kind":"plain","optional":true},"project_to_fork_from":{"type":"string","description":"Name of another project to fork a service from. This has effect only when a new service is being created.","description_kind":"plain","optional":true},"recovery_target_time":{"type":"string","description":"Recovery target time when forking a service. This has effect only when a new service is being created.","description_kind":"plain","optional":true},"service_to_fork_from":{"type":"string","description":"Name of another service to fork from. This has effect only when a new service is being created.","description_kind":"plain","optional":true},"static_ips":{"type":"string","description":"Static IP addresses","description_kind":"plain","optional":true}},"block_types":{"migration":{"nesting_mode":"list","block":{"attributes":{"dbname":{"type":"string","description":"Database name for bootstrapping the initial connection","description_kind":"plain","optional":true},"host":{"type":"string","description":"Hostname or IP address of the server where to migrate data from","description_kind":"plain","optional":true},"ignore_dbs":{"type":"string","description":"Comma-separated list of databases, which should be ignored during migration (supported by MySQL only at the moment)","description_kind":"plain","optional":true},"password":{"type":"string","description":"Password for authentication with the server where to migrate data from","description_kind":"plain","optional":true,"sensitive":true},"port":{"type":"string","description":"Port number of the server where to migrate data from","description_kind":"plain","optional":true},"ssl":{"type":"string","description":"The server where to migrate data from is secured with SSL","description_kind":"plain","optional":true},"username":{"type":"string","description":"User name for authentication with the server where to migrate data from","description_kind":"plain","optional":true}},"description":"Migrate data from existing server","description_kind":"plain"},"max_items":1},"mysql":{"nesting_mode":"list","block":{"attributes":{"connect_timeout":{"type":"string","description":"connect_timeout","description_kind":"plain","optional":true},"default_time_zone":{"type":"string","description":"default_time_zone","description_kind":"plain","optional":true},"group_concat_max_len":{"type":"string","description":"group_concat_max_len","description_kind":"plain","optional":true},"information_schema_stats_expiry":{"type":"string","description":"information_schema_stats_expiry","description_kind":"plain","optional":true},"innodb_ft_min_token_size":{"type":"string","description":"innodb_ft_min_token_size","description_kind":"plain","optional":true},"innodb_ft_server_stopword_table":{"type":"string","description":"innodb_ft_server_stopword_table","description_kind":"plain","optional":true},"innodb_lock_wait_timeout":{"type":"string","description":"innodb_lock_wait_timeout","description_kind":"plain","optional":true},"innodb_log_buffer_size":{"type":"string","description":"innodb_log_buffer_size","description_kind":"plain","optional":true},"innodb_online_alter_log_max_size":{"type":"string","description":"innodb_online_alter_log_max_size","description_kind":"plain","optional":true},"innodb_print_all_deadlocks":{"type":"string","description":"innodb_print_all_deadlocks","description_kind":"plain","optional":true},"innodb_rollback_on_timeout":{"type":"string","description":"innodb_rollback_on_timeout","description_kind":"plain","optional":true},"interactive_timeout":{"type":"string","description":"interactive_timeout","description_kind":"plain","optional":true},"internal_tmp_mem_storage_engine":{"type":"string","description":"internal_tmp_mem_storage_engine","description_kind":"plain","optional":true},"long_query_time":{"type":"string","description":"long_query_time","description_kind":"plain","optional":true},"max_allowed_packet":{"type":"string","description":"max_allowed_packet","description_kind":"plain","optional":true},"max_heap_table_size":{"type":"string","description":"max_heap_table_size","description_kind":"plain","optional":true},"net_read_timeout":{"type":"string","description":"net_read_timeout","description_kind":"plain","optional":true},"net_write_timeout":{"type":"string","description":"net_write_timeout","description_kind":"plain","optional":true},"slow_query_log":{"type":"string","description":"slow_query_log","description_kind":"plain","optional":true},"sort_buffer_size":{"type":"string","description":"sort_buffer_size","description_kind":"plain","optional":true},"sql_mode":{"type":"string","description":"sql_mode","description_kind":"plain","optional":true},"sql_require_primary_key":{"type":"string","description":"sql_require_primary_key","description_kind":"plain","optional":true},"tmp_table_size":{"type":"string","description":"tmp_table_size","description_kind":"plain","optional":true},"wait_timeout":{"type":"string","description":"wait_timeout","description_kind":"plain","optional":true}},"description":"mysql.conf configuration values","description_kind":"plain"},"max_items":1},"private_access":{"nesting_mode":"list","block":{"attributes":{"mysql":{"type":"string","description":"Allow clients to connect to mysql with a DNS name that always resolves to the service's private IP addresses. Only available in certain network locations","description_kind":"plain","optional":true},"mysqlx":{"type":"string","description":"Allow clients to connect to mysqlx with a DNS name that always resolves to the service's private IP addresses. Only available in certain network locations","description_kind":"plain","optional":true},"prometheus":{"type":"string","description":"Allow clients to connect to prometheus with a DNS name that always resolves to the service's private IP addresses. Only available in certain network locations","description_kind":"plain","optional":true}},"description":"Allow access to selected service ports from private networks","description_kind":"plain"},"max_items":1},"privatelink_access":{"nesting_mode":"list","block":{"attributes":{"mysql":{"type":"string","description":"Enable mysql","description_kind":"plain","optional":true},"mysqlx":{"type":"string","description":"Enable mysqlx","description_kind":"plain","optional":true}},"description":"Allow access to selected service components through Privatelink","description_kind":"plain"},"max_items":1},"public_access":{"nesting_mode":"list","block":{"attributes":{"mysql":{"type":"string","description":"Allow clients to connect to mysql from the public internet for service nodes that are in a project VPC or another type of private network","description_kind":"plain","optional":true},"mysqlx":{"type":"string","description":"Allow clients to connect to mysqlx from the public internet for service nodes that are in a project VPC or another type of private network","description_kind":"plain","optional":true},"prometheus":{"type":"string","description":"Allow clients to connect to prometheus from the public internet for service nodes that are in a project VPC or another type of private network","description_kind":"plain","optional":true}},"description":"Allow access to selected service ports from the public Internet","description_kind":"plain"},"max_items":1}},"description":"Mysql user configurable settings","description_kind":"plain"},"max_items":1},"opensearch_user_config":{"nesting_mode":"list","block":{"attributes":{"custom_domain":{"type":"string","description":"Custom domain","description_kind":"plain","optional":true},"disable_replication_factor_adjustment":{"type":"string","description":"Disable replication factor adjustment","description_kind":"plain","optional":true},"ip_filter":{"type":["list","string"],"description":"IP filter","description_kind":"plain","optional":true},"keep_index_refresh_interval":{"type":"string","description":"Don't reset index.refresh_interval to the default value","description_kind":"plain","optional":true},"max_index_count":{"type":"string","description":"Maximum index count","description_kind":"plain","optional":true},"opensearch_version":{"type":"string","description":"OpenSearch major version","description_kind":"plain","optional":true},"project_to_fork_from":{"type":"string","description":"Name of another project to fork a service from. This has effect only when a new service is being created.","description_kind":"plain","optional":true},"recovery_basebackup_name":{"type":"string","description":"Name of the basebackup to restore in forked service","description_kind":"plain","optional":true},"service_to_fork_from":{"type":"string","description":"Name of another service to fork from. This has effect only when a new service is being created.","description_kind":"plain","optional":true},"static_ips":{"type":"string","description":"Static IP addresses","description_kind":"plain","optional":true}},"block_types":{"index_patterns":{"nesting_mode":"list","block":{"attributes":{"max_index_count":{"type":"string","description":"Maximum number of indexes to keep","description_kind":"plain","optional":true},"pattern":{"type":"string","description":"fnmatch pattern","description_kind":"plain","optional":true},"sorting_algorithm":{"type":"string","description":"Deletion sorting algorithm","description_kind":"plain","optional":true}},"description":"Index patterns","description_kind":"plain"},"max_items":512},"index_template":{"nesting_mode":"list","block":{"attributes":{"mapping_nested_objects_limit":{"type":"string","description":"index.mapping.nested_objects.limit","description_kind":"plain","optional":true},"number_of_replicas":{"type":"string","description":"index.number_of_replicas","description_kind":"plain","optional":true},"number_of_shards":{"type":"string","description":"index.number_of_shards","description_kind":"plain","optional":true}},"description":"Template settings for all new indexes","description_kind":"plain"},"max_items":1},"opensearch":{"nesting_mode":"list","block":{"attributes":{"action_auto_create_index_enabled":{"type":"string","description":"action.auto_create_index","description_kind":"plain","optional":true},"action_destructive_requires_name":{"type":"string","description":"Require explicit index names when deleting","description_kind":"plain","optional":true},"cluster_max_shards_per_node":{"type":"string","description":"cluster.max_shards_per_node","description_kind":"plain","optional":true},"http_max_content_length":{"type":"string","description":"http.max_content_length","description_kind":"plain","optional":true},"http_max_header_size":{"type":"string","description":"http.max_header_size","description_kind":"plain","optional":true},"http_max_initial_line_length":{"type":"string","description":"http.max_initial_line_length","description_kind":"plain","optional":true},"indices_fielddata_cache_size":{"type":"string","description":"indices.fielddata.cache.size","description_kind":"plain","optional":true},"indices_memory_index_buffer_size":{"type":"string","description":"indices.memory.index_buffer_size","description_kind":"plain","optional":true},"indices_queries_cache_size":{"type":"string","description":"indices.queries.cache.size","description_kind":"plain","optional":true},"indices_query_bool_max_clause_count":{"type":"string","description":"indices.query.bool.max_clause_count","description_kind":"plain","optional":true},"reindex_remote_whitelist":{"type":["list","string"],"description":"reindex_remote_whitelist","description_kind":"plain","optional":true},"search_max_buckets":{"type":"string","description":"search.max_buckets","description_kind":"plain","optional":true},"thread_pool_analyze_queue_size":{"type":"string","description":"analyze thread pool queue size","description_kind":"plain","optional":true},"thread_pool_analyze_size":{"type":"string","description":"analyze thread pool size","description_kind":"plain","optional":true},"thread_pool_force_merge_size":{"type":"string","description":"force_merge thread pool size","description_kind":"plain","optional":true},"thread_pool_get_queue_size":{"type":"string","description":"get thread pool queue size","description_kind":"plain","optional":true},"thread_pool_get_size":{"type":"string","description":"get thread pool size","description_kind":"plain","optional":true},"thread_pool_index_size":{"type":"string","description":"index thread pool size","description_kind":"plain","optional":true},"thread_pool_search_queue_size":{"type":"string","description":"search thread pool queue size","description_kind":"plain","optional":true},"thread_pool_search_size":{"type":"string","description":"search thread pool size","description_kind":"plain","optional":true},"thread_pool_search_throttled_queue_size":{"type":"string","description":"search_throttled thread pool queue size","description_kind":"plain","optional":true},"thread_pool_search_throttled_size":{"type":"string","description":"search_throttled thread pool size","description_kind":"plain","optional":true},"thread_pool_write_queue_size":{"type":"string","description":"write thread pool queue size","description_kind":"plain","optional":true},"thread_pool_write_size":{"type":"string","description":"write thread pool size","description_kind":"plain","optional":true}},"description":"OpenSearch settings","description_kind":"plain"},"max_items":1},"opensearch_dashboards":{"nesting_mode":"list","block":{"attributes":{"enabled":{"type":"string","description":"Enable or disable OpenSearch Dashboards","description_kind":"plain","optional":true},"max_old_space_size":{"type":"string","description":"max_old_space_size","description_kind":"plain","optional":true},"opensearch_request_timeout":{"type":"string","description":"Timeout in milliseconds for requests made by OpenSearch Dashboards towards OpenSearch","description_kind":"plain","optional":true}},"description":"OpenSearch Dashboards settings","description_kind":"plain"},"max_items":1},"private_access":{"nesting_mode":"list","block":{"attributes":{"opensearch":{"type":"string","description":"Allow clients to connect to opensearch with a DNS name that always resolves to the service's private IP addresses. Only available in certain network locations","description_kind":"plain","optional":true},"opensearch_dashboards":{"type":"string","description":"Allow clients to connect to opensearch_dashboards with a DNS name that always resolves to the service's private IP addresses. Only available in certain network locations","description_kind":"plain","optional":true},"prometheus":{"type":"string","description":"Allow clients to connect to prometheus with a DNS name that always resolves to the service's private IP addresses. Only available in certain network locations","description_kind":"plain","optional":true}},"description":"Allow access to selected service ports from private networks","description_kind":"plain"},"max_items":1},"privatelink_access":{"nesting_mode":"list","block":{"attributes":{"opensearch":{"type":"string","description":"Enable opensearch","description_kind":"plain","optional":true},"opensearch_dashboards":{"type":"string","description":"Enable opensearch_dashboards","description_kind":"plain","optional":true}},"description":"Allow access to selected service components through Privatelink","description_kind":"plain"},"max_items":1},"public_access":{"nesting_mode":"list","block":{"attributes":{"opensearch":{"type":"string","description":"Allow clients to connect to opensearch from the public internet for service nodes that are in a project VPC or another type of private network","description_kind":"plain","optional":true},"opensearch_dashboards":{"type":"string","description":"Allow clients to connect to opensearch_dashboards from the public internet for service nodes that are in a project VPC or another type of private network","description_kind":"plain","optional":true},"prometheus":{"type":"string","description":"Allow clients to connect to prometheus from the public internet for service nodes that are in a project VPC or another type of private network","description_kind":"plain","optional":true}},"description":"Allow access to selected service ports from the public Internet","description_kind":"plain"},"max_items":1}},"description":"Opensearch user configurable settings","description_kind":"plain"},"max_items":1},"pg_user_config":{"nesting_mode":"list","block":{"attributes":{"admin_password":{"type":"string","description":"Custom password for admin user. Defaults to random string. This must be set only when a new service is being created.","description_kind":"plain","optional":true,"sensitive":true},"admin_username":{"type":"string","description":"Custom username for admin user. This must be set only when a new service is being created.","description_kind":"plain","optional":true},"backup_hour":{"type":"string","description":"The hour of day (in UTC) when backup for the service is started. New backup is only started if previous backup has already completed.","description_kind":"plain","optional":true},"backup_minute":{"type":"string","description":"The minute of an hour when backup for the service is started. New backup is only started if previous backup has already completed.","description_kind":"plain","optional":true},"ip_filter":{"type":["list","string"],"description":"IP filter","description_kind":"plain","optional":true},"pg_read_replica":{"type":"string","description":"Should the service which is being forked be a read replica","description_kind":"plain","optional":true},"pg_service_to_fork_from":{"type":"string","description":"Name of the PG Service from which to fork (deprecated, use service_to_fork_from). This has effect only when a new service is being created.","description_kind":"plain","optional":true},"pg_version":{"type":"string","description":"PostgreSQL major version","description_kind":"plain","optional":true},"project_to_fork_from":{"type":"string","description":"Name of another project to fork a service from. This has effect only when a new service is being created.","description_kind":"plain","optional":true},"recovery_target_time":{"type":"string","description":"Recovery target time when forking a service. This has effect only when a new service is being created.","description_kind":"plain","optional":true},"service_to_fork_from":{"type":"string","description":"Name of another service to fork from. This has effect only when a new service is being created.","description_kind":"plain","optional":true},"shared_buffers_percentage":{"type":"string","description":"shared_buffers_percentage","description_kind":"plain","optional":true},"static_ips":{"type":"string","description":"Static IP addresses","description_kind":"plain","optional":true},"synchronous_replication":{"type":"string","description":"Synchronous replication type. Note that the service plan also needs to support synchronous replication.","description_kind":"plain","optional":true},"variant":{"type":"string","description":"Variant of the PostgreSQL service, may affect the features that are exposed by default","description_kind":"plain","optional":true},"work_mem":{"type":"string","description":"work_mem","description_kind":"plain","optional":true}},"block_types":{"migration":{"nesting_mode":"list","block":{"attributes":{"dbname":{"type":"string","description":"Database name for bootstrapping the initial connection","description_kind":"plain","optional":true},"host":{"type":"string","description":"Hostname or IP address of the server where to migrate data from","description_kind":"plain","optional":true},"ignore_dbs":{"type":"string","description":"Comma-separated list of databases, which should be ignored during migration (supported by MySQL only at the moment)","description_kind":"plain","optional":true},"password":{"type":"string","description":"Password for authentication with the server where to migrate data from","description_kind":"plain","optional":true,"sensitive":true},"port":{"type":"string","description":"Port number of the server where to migrate data from","description_kind":"plain","optional":true},"ssl":{"type":"string","description":"The server where to migrate data from is secured with SSL","description_kind":"plain","optional":true},"username":{"type":"string","description":"User name for authentication with the server where to migrate data from","description_kind":"plain","optional":true}},"description":"Migrate data from existing server","description_kind":"plain"},"max_items":1},"pg":{"nesting_mode":"list","block":{"attributes":{"autovacuum_analyze_scale_factor":{"type":"string","description":"autovacuum_analyze_scale_factor","description_kind":"plain","optional":true},"autovacuum_analyze_threshold":{"type":"string","description":"autovacuum_analyze_threshold","description_kind":"plain","optional":true},"autovacuum_freeze_max_age":{"type":"string","description":"autovacuum_freeze_max_age","description_kind":"plain","optional":true},"autovacuum_max_workers":{"type":"string","description":"autovacuum_max_workers","description_kind":"plain","optional":true},"autovacuum_naptime":{"type":"string","description":"autovacuum_naptime","description_kind":"plain","optional":true},"autovacuum_vacuum_cost_delay":{"type":"string","description":"autovacuum_vacuum_cost_delay","description_kind":"plain","optional":true},"autovacuum_vacuum_cost_limit":{"type":"string","description":"autovacuum_vacuum_cost_limit","description_kind":"plain","optional":true},"autovacuum_vacuum_scale_factor":{"type":"string","description":"autovacuum_vacuum_scale_factor","description_kind":"plain","optional":true},"autovacuum_vacuum_threshold":{"type":"string","description":"autovacuum_vacuum_threshold","description_kind":"plain","optional":true},"bgwriter_delay":{"type":"string","description":"bgwriter_delay","description_kind":"plain","optional":true},"bgwriter_flush_after":{"type":"string","description":"bgwriter_flush_after","description_kind":"plain","optional":true},"bgwriter_lru_maxpages":{"type":"string","description":"bgwriter_lru_maxpages","description_kind":"plain","optional":true},"bgwriter_lru_multiplier":{"type":"string","description":"bgwriter_lru_multiplier","description_kind":"plain","optional":true},"deadlock_timeout":{"type":"string","description":"deadlock_timeout","description_kind":"plain","optional":true},"idle_in_transaction_session_timeout":{"type":"string","description":"idle_in_transaction_session_timeout","description_kind":"plain","optional":true},"jit":{"type":"string","description":"jit","description_kind":"plain","optional":true},"log_autovacuum_min_duration":{"type":"string","description":"log_autovacuum_min_duration","description_kind":"plain","optional":true},"log_error_verbosity":{"type":"string","description":"log_error_verbosity","description_kind":"plain","optional":true},"log_line_prefix":{"type":"string","description":"log_line_prefix","description_kind":"plain","optional":true},"log_min_duration_statement":{"type":"string","description":"log_min_duration_statement","description_kind":"plain","optional":true},"max_files_per_process":{"type":"string","description":"max_files_per_process","description_kind":"plain","optional":true},"max_locks_per_transaction":{"type":"string","description":"max_locks_per_transaction","description_kind":"plain","optional":true},"max_logical_replication_workers":{"type":"string","description":"max_logical_replication_workers","description_kind":"plain","optional":true},"max_parallel_workers":{"type":"string","description":"max_parallel_workers","description_kind":"plain","optional":true},"max_parallel_workers_per_gather":{"type":"string","description":"max_parallel_workers_per_gather","description_kind":"plain","optional":true},"max_pred_locks_per_transaction":{"type":"string","description":"max_pred_locks_per_transaction","description_kind":"plain","optional":true},"max_prepared_transactions":{"type":"string","description":"max_prepared_transactions","description_kind":"plain","optional":true},"max_replication_slots":{"type":"string","description":"max_replication_slots","description_kind":"plain","optional":true},"max_stack_depth":{"type":"string","description":"max_stack_depth","description_kind":"plain","optional":true},"max_standby_archive_delay":{"type":"string","description":"max_standby_archive_delay","description_kind":"plain","optional":true},"max_standby_streaming_delay":{"type":"string","description":"max_standby_streaming_delay","description_kind":"plain","optional":true},"max_wal_senders":{"type":"string","description":"max_wal_senders","description_kind":"plain","optional":true},"max_worker_processes":{"type":"string","description":"max_worker_processes","description_kind":"plain","optional":true},"pg_partman_bgw__dot__interval":{"type":"string","description":"pg_partman_bgw.interval","description_kind":"plain","optional":true},"pg_partman_bgw__dot__role":{"type":"string","description":"pg_partman_bgw.role","description_kind":"plain","optional":true},"pg_stat_statements__dot__track":{"type":"string","description":"pg_stat_statements.track","description_kind":"plain","optional":true},"temp_file_limit":{"type":"string","description":"temp_file_limit","description_kind":"plain","optional":true},"timezone":{"type":"string","description":"timezone","description_kind":"plain","optional":true},"track_activity_query_size":{"type":"string","description":"track_activity_query_size","description_kind":"plain","optional":true},"track_commit_timestamp":{"type":"string","description":"track_commit_timestamp","description_kind":"plain","optional":true},"track_functions":{"type":"string","description":"track_functions","description_kind":"plain","optional":true},"track_io_timing":{"type":"string","description":"track_io_timing","description_kind":"plain","optional":true},"wal_sender_timeout":{"type":"string","description":"wal_sender_timeout","description_kind":"plain","optional":true},"wal_writer_delay":{"type":"string","description":"wal_writer_delay","description_kind":"plain","optional":true}},"description":"postgresql.conf configuration values","description_kind":"plain"},"max_items":1},"pgbouncer":{"nesting_mode":"list","block":{"attributes":{"autodb_idle_timeout":{"type":"string","description":"If the automatically created database pools have been unused this many seconds, they are freed. If 0 then timeout is disabled. [seconds]","description_kind":"plain","optional":true},"autodb_max_db_connections":{"type":"string","description":"Do not allow more than this many server connections per database (regardless of user). Setting it to 0 means unlimited.","description_kind":"plain","optional":true},"autodb_pool_mode":{"type":"string","description":"PGBouncer pool mode","description_kind":"plain","optional":true},"autodb_pool_size":{"type":"string","description":"If non-zero then create automatically a pool of that size per user when a pool doesn't exist.","description_kind":"plain","optional":true},"ignore_startup_parameters":{"type":["list","string"],"description":"List of parameters to ignore when given in startup packet","description_kind":"plain","optional":true},"min_pool_size":{"type":"string","description":"Add more server connections to pool if below this number. Improves behavior when usual load comes suddenly back after period of total inactivity. The value is effectively capped at the pool size.","description_kind":"plain","optional":true},"server_idle_timeout":{"type":"string","description":"If a server connection has been idle more than this many seconds it will be dropped. If 0 then timeout is disabled. [seconds]","description_kind":"plain","optional":true},"server_lifetime":{"type":"string","description":"The pooler will close an unused server connection that has been connected longer than this. [seconds]","description_kind":"plain","optional":true},"server_reset_query_always":{"type":"string","description":"Run server_reset_query (DISCARD ALL) in all pooling modes","description_kind":"plain","optional":true}},"description":"PGBouncer connection pooling settings","description_kind":"plain"},"max_items":1},"pglookout":{"nesting_mode":"list","block":{"attributes":{"max_failover_replication_time_lag":{"type":"string","description":"max_failover_replication_time_lag","description_kind":"plain","optional":true}},"description":"PGLookout settings","description_kind":"plain"},"max_items":1},"private_access":{"nesting_mode":"list","block":{"attributes":{"pg":{"type":"string","description":"Allow clients to connect to pg with a DNS name that always resolves to the service's private IP addresses. Only available in certain network locations","description_kind":"plain","optional":true},"pgbouncer":{"type":"string","description":"Allow clients to connect to pgbouncer with a DNS name that always resolves to the service's private IP addresses. Only available in certain network locations","description_kind":"plain","optional":true},"prometheus":{"type":"string","description":"Allow clients to connect to prometheus with a DNS name that always resolves to the service's private IP addresses. Only available in certain network locations","description_kind":"plain","optional":true}},"description":"Allow access to selected service ports from private networks","description_kind":"plain"},"max_items":1},"privatelink_access":{"nesting_mode":"list","block":{"attributes":{"pg":{"type":"string","description":"Enable pg","description_kind":"plain","optional":true},"pgbouncer":{"type":"string","description":"Enable pgbouncer","description_kind":"plain","optional":true}},"description":"Allow access to selected service components through Privatelink","description_kind":"plain"},"max_items":1},"public_access":{"nesting_mode":"list","block":{"attributes":{"pg":{"type":"string","description":"Allow clients to connect to pg from the public internet for service nodes that are in a project VPC or another type of private network","description_kind":"plain","optional":true},"pgbouncer":{"type":"string","description":"Allow clients to connect to pgbouncer from the public internet for service nodes that are in a project VPC or another type of private network","description_kind":"plain","optional":true},"prometheus":{"type":"string","description":"Allow clients to connect to prometheus from the public internet for service nodes that are in a project VPC or another type of private network","description_kind":"plain","optional":true}},"description":"Allow access to selected service ports from the public Internet","description_kind":"plain"},"max_items":1},"timescaledb":{"nesting_mode":"list","block":{"attributes":{"max_background_workers":{"type":"string","description":"timescaledb.max_background_workers","description_kind":"plain","optional":true}},"description":"TimescaleDB extension configuration values","description_kind":"plain"},"max_items":1}},"description":"Pg user configurable settings","description_kind":"plain"},"max_items":1},"redis_user_config":{"nesting_mode":"list","block":{"attributes":{"ip_filter":{"type":["list","string"],"description":"IP filter","description_kind":"plain","optional":true},"project_to_fork_from":{"type":"string","description":"Name of another project to fork a service from. This has effect only when a new service is being created.","description_kind":"plain","optional":true},"recovery_basebackup_name":{"type":"string","description":"Name of the basebackup to restore in forked service","description_kind":"plain","optional":true},"redis_acl_channels_default":{"type":"string","description":"Default ACL for pub/sub channels used when Redis user is created","description_kind":"plain","optional":true},"redis_io_threads":{"type":"string","description":"Redis IO thread count","description_kind":"plain","optional":true},"redis_lfu_decay_time":{"type":"string","description":"LFU maxmemory-policy counter decay time in minutes","description_kind":"plain","optional":true},"redis_lfu_log_factor":{"type":"string","description":"Counter logarithm factor for volatile-lfu and allkeys-lfu maxmemory-policies","description_kind":"plain","optional":true},"redis_maxmemory_policy":{"type":"string","description":"Redis maxmemory-policy","description_kind":"plain","optional":true},"redis_notify_keyspace_events":{"type":"string","description":"Set notify-keyspace-events option","description_kind":"plain","optional":true},"redis_number_of_databases":{"type":"string","description":"Number of redis databases","description_kind":"plain","optional":true},"redis_persistence":{"type":"string","description":"Redis persistence","description_kind":"plain","optional":true},"redis_pubsub_client_output_buffer_limit":{"type":"string","description":"Pub/sub client output buffer hard limit in MB","description_kind":"plain","optional":true},"redis_ssl":{"type":"string","description":"Require SSL to access Redis","description_kind":"plain","optional":true},"redis_timeout":{"type":"string","description":"Redis idle connection timeout","description_kind":"plain","optional":true},"service_to_fork_from":{"type":"string","description":"Name of another service to fork from. This has effect only when a new service is being created.","description_kind":"plain","optional":true},"static_ips":{"type":"string","description":"Static IP addresses","description_kind":"plain","optional":true}},"block_types":{"migration":{"nesting_mode":"list","block":{"attributes":{"dbname":{"type":"string","description":"Database name for bootstrapping the initial connection","description_kind":"plain","optional":true},"host":{"type":"string","description":"Hostname or IP address of the server where to migrate data from","description_kind":"plain","optional":true},"ignore_dbs":{"type":"string","description":"Comma-separated list of databases, which should be ignored during migration (supported by MySQL only at the moment)","description_kind":"plain","optional":true},"password":{"type":"string","description":"Password for authentication with the server where to migrate data from","description_kind":"plain","optional":true,"sensitive":true},"port":{"type":"string","description":"Port number of the server where to migrate data from","description_kind":"plain","optional":true},"ssl":{"type":"string","description":"The server where to migrate data from is secured with SSL","description_kind":"plain","optional":true},"username":{"type":"string","description":"User name for authentication with the server where to migrate data from","description_kind":"plain","optional":true}},"description":"Migrate data from existing server","description_kind":"plain"},"max_items":1},"private_access":{"nesting_mode":"list","block":{"attributes":{"prometheus":{"type":"string","description":"Allow clients to connect to prometheus with a DNS name that always resolves to the service's private IP addresses. Only available in certain network locations","description_kind":"plain","optional":true},"redis":{"type":"string","description":"Allow clients to connect to redis with a DNS name that always resolves to the service's private IP addresses. Only available in certain network locations","description_kind":"plain","optional":true}},"description":"Allow access to selected service ports from private networks","description_kind":"plain"},"max_items":1},"privatelink_access":{"nesting_mode":"list","block":{"attributes":{"redis":{"type":"string","description":"Enable redis","description_kind":"plain","optional":true}},"description":"Allow access to selected service components through Privatelink","description_kind":"plain"},"max_items":1},"public_access":{"nesting_mode":"list","block":{"attributes":{"prometheus":{"type":"string","description":"Allow clients to connect to prometheus from the public internet for service nodes that are in a project VPC or another type of private network","description_kind":"plain","optional":true},"redis":{"type":"string","description":"Allow clients to connect to redis from the public internet for service nodes that are in a project VPC or another type of private network","description_kind":"plain","optional":true}},"description":"Allow access to selected service ports from the public Internet","description_kind":"plain"},"max_items":1}},"description":"Redis user configurable settings","description_kind":"plain"},"max_items":1},"service_integrations":{"nesting_mode":"list","block":{"attributes":{"integration_type":{"type":"string","description":"Type of the service integration. The only supported value at the moment is 'read_replica'","description_kind":"plain","required":true},"source_service_name":{"type":"string","description":"Name of the source service","description_kind":"plain","required":true}},"description":"Service integrations to specify when creating a service. Not applied after initial service creation","description_kind":"plain"}},"timeouts":{"nesting_mode":"single","block":{"attributes":{"create":{"type":"string","description_kind":"plain","optional":true},"update":{"type":"string","description_kind":"plain","optional":true}},"description_kind":"plain"}}},"description":"The Service resource allows the creation and management of Aiven Services.","description_kind":"plain","deprecated":true}},"aiven_service_integration":{"version":0,"block":{"attributes":{"destination_endpoint_id":{"type":"string","description":"Destination endpoint for the integration (if any)","description_kind":"plain","optional":true},"destination_service_name":{"type":"string","description":"Destination service for the integration (if any)","description_kind":"plain","optional":true},"id":{"type":"string","description_kind":"plain","optional":true,"computed":true},"integration_id":{"type":"string","description":"Service Integration Id at aiven","description_kind":"plain","computed":true},"integration_type":{"type":"string","description":"Type of the service integration","description_kind":"plain","required":true},"project":{"type":"string","description":"Project the integration belongs to","description_kind":"plain","required":true},"source_endpoint_id":{"type":"string","description":"Source endpoint for the integration (if any)","description_kind":"plain","optional":true},"source_service_name":{"type":"string","description":"Source service for the integration (if any)","description_kind":"plain","optional":true}},"block_types":{"datadog_user_config":{"nesting_mode":"list","block":{"attributes":{"exclude_consumer_groups":{"type":["list","string"],"description":"List of custom metrics","description_kind":"plain","optional":true},"exclude_topics":{"type":["list","string"],"description":"List of topics to exclude","description_kind":"plain","optional":true},"include_consumer_groups":{"type":["list","string"],"description":"List of custom metrics","description_kind":"plain","optional":true},"include_topics":{"type":["list","string"],"description":"List of topics to include","description_kind":"plain","optional":true},"kafka_custom_metrics":{"type":["list","string"],"description":"List of custom metrics","description_kind":"plain","optional":true},"max_jmx_metrics":{"type":"string","description":"Maximum number of JMX metrics to send","description_kind":"plain","optional":true}},"block_types":{"datadog_tags":{"nesting_mode":"list","block":{"attributes":{"comment":{"type":"string","description":"Optional tag explanation","description_kind":"plain","optional":true},"tag":{"type":"string","description":"Tag value","description_kind":"plain","optional":true}},"description":"Custom tags provided by user","description_kind":"plain"},"max_items":32}},"description":"Dashboard specific user configurable settings","description_kind":"plain"},"max_items":1},"kafka_connect_user_config":{"nesting_mode":"list","block":{"block_types":{"kafka_connect":{"nesting_mode":"list","block":{"attributes":{"config_storage_topic":{"type":"string","description":"The name of the topic where connector and task configuration data are stored.This must be the same for all workers with the same group_id.","description_kind":"plain","optional":true},"group_id":{"type":"string","description":"A unique string that identifies the Connect cluster group this worker belongs to.","description_kind":"plain","optional":true},"offset_storage_topic":{"type":"string","description":"The name of the topic where connector and task configuration offsets are stored.This must be the same for all workers with the same group_id.","description_kind":"plain","optional":true},"status_storage_topic":{"type":"string","description":"The name of the topic where connector and task configuration status updates are stored.This must be the same for all workers with the same group_id.","description_kind":"plain","optional":true}},"description":"Kafka Connect service configuration values","description_kind":"plain"},"max_items":1}},"description":"Kafka Connect specific user configurable settings","description_kind":"plain"},"max_items":1},"kafka_logs_user_config":{"nesting_mode":"list","block":{"attributes":{"kafka_topic":{"type":"string","description":"Topic name","description_kind":"plain","optional":true}},"description":"Kafka Logs specific user configurable settings","description_kind":"plain"},"max_items":1},"kafka_mirrormaker_user_config":{"nesting_mode":"list","block":{"attributes":{"cluster_alias":{"type":"string","description":"Kafka cluster alias","description_kind":"plain","optional":true}},"description":"Mirrormaker 2 integration specific user configurable settings","description_kind":"plain"},"max_items":1},"logs_user_config":{"nesting_mode":"list","block":{"attributes":{"elasticsearch_index_days_max":{"type":"string","description":"Elasticsearch index retention limit","description_kind":"plain","optional":true},"elasticsearch_index_prefix":{"type":"string","description":"Elasticsearch index prefix","description_kind":"plain","optional":true}},"description":"Log integration specific user configurable settings","description_kind":"plain"},"max_items":1},"metrics_user_config":{"nesting_mode":"list","block":{"attributes":{"database":{"type":"string","description":"Name of the database where to store metric datapoints. Only affects PostgreSQL destinations. Defaults to 'metrics'. Note that this must be the same for all metrics integrations that write data to the same PostgreSQL service.","description_kind":"plain","optional":true},"retention_days":{"type":"string","description":"Number of days to keep old metrics. Only affects PostgreSQL destinations. Set to 0 for no automatic cleanup. Defaults to 30 days.","description_kind":"plain","optional":true},"ro_username":{"type":"string","description":"Name of a user that can be used to read metrics. This will be used for Grafana integration (if enabled) to prevent Grafana users from making undesired changes. Only affects PostgreSQL destinations. Defaults to 'metrics_reader'. Note that this must be the same for all metrics integrations that write data to the same PostgreSQL service.","description_kind":"plain","optional":true},"username":{"type":"string","description":"Name of the user used to write metrics. Only affects PostgreSQL destinations. Defaults to 'metrics_writer'. Note that this must be the same for all metrics integrations that write data to the same PostgreSQL service.","description_kind":"plain","optional":true}},"block_types":{"source_mysql":{"nesting_mode":"list","block":{"block_types":{"telegraf":{"nesting_mode":"list","block":{"attributes":{"gather_event_waits":{"type":"string","description":"Gather metrics from PERFORMANCE_SCHEMA.EVENT_WAITS","description_kind":"plain","optional":true},"gather_file_events_stats":{"type":"string","description":"gather metrics from PERFORMANCE_SCHEMA.FILE_SUMMARY_BY_EVENT_NAME","description_kind":"plain","optional":true},"gather_index_io_waits":{"type":"string","description":"Gather metrics from PERFORMANCE_SCHEMA.TABLE_IO_WAITS_SUMMARY_BY_INDEX_USAGE","description_kind":"plain","optional":true},"gather_info_schema_auto_inc":{"type":"string","description":"Gather auto_increment columns and max values from information schema","description_kind":"plain","optional":true},"gather_innodb_metrics":{"type":"string","description":"Gather metrics from INFORMATION_SCHEMA.INNODB_METRICS","description_kind":"plain","optional":true},"gather_perf_events_statements":{"type":"string","description":"Gather metrics from PERFORMANCE_SCHEMA.EVENTS_STATEMENTS_SUMMARY_BY_DIGEST","description_kind":"plain","optional":true},"gather_process_list":{"type":"string","description":"Gather thread state counts from INFORMATION_SCHEMA.PROCESSLIST","description_kind":"plain","optional":true},"gather_slave_status":{"type":"string","description":"Gather metrics from SHOW SLAVE STATUS command output","description_kind":"plain","optional":true},"gather_table_io_waits":{"type":"string","description":"Gather metrics from PERFORMANCE_SCHEMA.TABLE_IO_WAITS_SUMMARY_BY_TABLE","description_kind":"plain","optional":true},"gather_table_lock_waits":{"type":"string","description":"Gather metrics from PERFORMANCE_SCHEMA.TABLE_LOCK_WAITS","description_kind":"plain","optional":true},"gather_table_schema":{"type":"string","description":"Gather metrics from INFORMATION_SCHEMA.TABLES","description_kind":"plain","optional":true},"perf_events_statements_digest_text_limit":{"type":"string","description":"Truncates digest text from perf_events_statements into this many characters","description_kind":"plain","optional":true},"perf_events_statements_limit":{"type":"string","description":"Limits metrics from perf_events_statements","description_kind":"plain","optional":true},"perf_events_statements_time_limit":{"type":"string","description":"Only include perf_events_statements whose last seen is less than this many seconds","description_kind":"plain","optional":true}},"description":"Configuration options for Telegraf MySQL input plugin","description_kind":"plain"},"max_items":1}},"description":"Configuration options for metrics where source service is MySQL","description_kind":"plain"},"max_items":1}},"description":"Metrics specific user configurable settings","description_kind":"plain"},"max_items":1},"mirrormaker_user_config":{"nesting_mode":"list","block":{"attributes":{"mirrormaker_whitelist":{"type":"string","description":"Mirrormaker topic whitelist","description_kind":"plain","optional":true}},"description":"Mirrormaker 1 integration specific user configurable settings","description_kind":"plain"},"max_items":1},"prometheus_user_config":{"nesting_mode":"list","block":{"block_types":{"source_mysql":{"nesting_mode":"list","block":{"block_types":{"telegraf":{"nesting_mode":"list","block":{"attributes":{"gather_event_waits":{"type":"string","description":"Gather metrics from PERFORMANCE_SCHEMA.EVENT_WAITS","description_kind":"plain","optional":true},"gather_file_events_stats":{"type":"string","description":"gather metrics from PERFORMANCE_SCHEMA.FILE_SUMMARY_BY_EVENT_NAME","description_kind":"plain","optional":true},"gather_index_io_waits":{"type":"string","description":"Gather metrics from PERFORMANCE_SCHEMA.TABLE_IO_WAITS_SUMMARY_BY_INDEX_USAGE","description_kind":"plain","optional":true},"gather_info_schema_auto_inc":{"type":"string","description":"Gather auto_increment columns and max values from information schema","description_kind":"plain","optional":true},"gather_innodb_metrics":{"type":"string","description":"Gather metrics from INFORMATION_SCHEMA.INNODB_METRICS","description_kind":"plain","optional":true},"gather_perf_events_statements":{"type":"string","description":"Gather metrics from PERFORMANCE_SCHEMA.EVENTS_STATEMENTS_SUMMARY_BY_DIGEST","description_kind":"plain","optional":true},"gather_process_list":{"type":"string","description":"Gather thread state counts from INFORMATION_SCHEMA.PROCESSLIST","description_kind":"plain","optional":true},"gather_slave_status":{"type":"string","description":"Gather metrics from SHOW SLAVE STATUS command output","description_kind":"plain","optional":true},"gather_table_io_waits":{"type":"string","description":"Gather metrics from PERFORMANCE_SCHEMA.TABLE_IO_WAITS_SUMMARY_BY_TABLE","description_kind":"plain","optional":true},"gather_table_lock_waits":{"type":"string","description":"Gather metrics from PERFORMANCE_SCHEMA.TABLE_LOCK_WAITS","description_kind":"plain","optional":true},"gather_table_schema":{"type":"string","description":"Gather metrics from INFORMATION_SCHEMA.TABLES","description_kind":"plain","optional":true},"perf_events_statements_digest_text_limit":{"type":"string","description":"Truncates digest text from perf_events_statements into this many characters","description_kind":"plain","optional":true},"perf_events_statements_limit":{"type":"string","description":"Limits metrics from perf_events_statements","description_kind":"plain","optional":true},"perf_events_statements_time_limit":{"type":"string","description":"Only include perf_events_statements whose last seen is less than this many seconds","description_kind":"plain","optional":true}},"description":"Configuration options for Telegraf MySQL input plugin","description_kind":"plain"},"max_items":1}},"description":"Configuration options for metrics where source service is MySQL","description_kind":"plain"},"max_items":1}},"description":"Prometheus coordinator specific user configurable settings","description_kind":"plain"},"max_items":1},"timeouts":{"nesting_mode":"single","block":{"attributes":{"create":{"type":"string","description_kind":"plain","optional":true}},"description_kind":"plain"}}},"description":"The Service Integration resource allows the creation and management of Aiven Service Integrations.","description_kind":"plain"}},"aiven_service_integration_endpoint":{"version":0,"block":{"attributes":{"endpoint_config":{"type":["map","string"],"description":"Integration endpoint specific backend configuration","description_kind":"plain","computed":true},"endpoint_name":{"type":"string","description":"Name of the service integration endpoint","description_kind":"plain","required":true},"endpoint_type":{"type":"string","description":"Type of the service integration endpoint","description_kind":"plain","required":true},"id":{"type":"string","description_kind":"plain","optional":true,"computed":true},"project":{"type":"string","description":"Project the service integration endpoint belongs to","description_kind":"plain","required":true}},"block_types":{"datadog_user_config":{"nesting_mode":"list","block":{"attributes":{"datadog_api_key":{"type":"string","description":"Datadog API key","description_kind":"plain","optional":true,"sensitive":true},"disable_consumer_stats":{"type":"string","description":"Disable consumer group metrics","description_kind":"plain","optional":true},"kafka_consumer_check_instances":{"type":"string","description":"Number of separate instances to fetch kafka consumer statistics with","description_kind":"plain","optional":true},"kafka_consumer_stats_timeout":{"type":"string","description":"Number of seconds that datadog will wait to get consumer statistics from brokers","description_kind":"plain","optional":true},"max_partition_contexts":{"type":"string","description":"Maximum number of partition contexts to send","description_kind":"plain","optional":true},"site":{"type":"string","description":"Datadog intake site. Defaults to datadoghq.com","description_kind":"plain","optional":true}},"block_types":{"datadog_tags":{"nesting_mode":"list","block":{"attributes":{"comment":{"type":"string","description":"Optional tag explanation","description_kind":"plain","optional":true},"tag":{"type":"string","description":"Tag value","description_kind":"plain","optional":true}},"description":"Custom tags provided by user","description_kind":"plain"},"max_items":32}},"description":"Datadog specific user configurable settings","description_kind":"plain"},"max_items":1},"external_aws_cloudwatch_logs_user_config":{"nesting_mode":"list","block":{"attributes":{"access_key":{"type":"string","description":"AWS access key. Required permissions are logs:CreateLogGroup, logs:CreateLogStream, logs:PutLogEvents and logs:DescribeLogStreams","description_kind":"plain","optional":true},"log_group_name":{"type":"string","description":"AWS CloudWatch log group name","description_kind":"plain","optional":true},"region":{"type":"string","description":"AWS region","description_kind":"plain","optional":true},"secret_key":{"type":"string","description":"AWS secret key","description_kind":"plain","optional":true}},"description":"external AWS CloudWatch Logs specific user configurable settings","description_kind":"plain"},"max_items":1},"external_aws_cloudwatch_metrics_user_config":{"nesting_mode":"list","block":{"attributes":{"access_key":{"type":"string","description":"AWS access key. Required permissions are cloudwatch:PutMetricData","description_kind":"plain","optional":true},"namespace":{"type":"string","description":"AWS CloudWatch Metrics Namespace","description_kind":"plain","optional":true},"region":{"type":"string","description":"AWS region","description_kind":"plain","optional":true},"secret_key":{"type":"string","description":"AWS secret key","description_kind":"plain","optional":true}},"description":"External AWS cloudwatch mertrics specific user configurable settings","description_kind":"plain"},"max_items":1},"external_elasticsearch_logs_user_config":{"nesting_mode":"list","block":{"attributes":{"ca":{"type":"string","description":"PEM encoded CA certificate","description_kind":"plain","optional":true},"index_days_max":{"type":"string","description":"Maximum number of days of logs to keep","description_kind":"plain","optional":true},"index_prefix":{"type":"string","description":"Elasticsearch index prefix","description_kind":"plain","optional":true},"timeout":{"type":"string","description":"Elasticsearch request timeout limit","description_kind":"plain","optional":true},"url":{"type":"string","description":"Elasticsearch connection URL","description_kind":"plain","optional":true}},"description":"external elasticsearch specific user configurable settings","description_kind":"plain"},"max_items":1},"external_google_cloud_logging_user_config":{"nesting_mode":"list","block":{"attributes":{"log_id":{"type":"string","description":"Google Cloud Logging log id","description_kind":"plain","optional":true},"project_id":{"type":"string","description":"GCP project id.","description_kind":"plain","optional":true},"service_account_credentials":{"type":"string","description":"Google Service Account Credentials","description_kind":"plain","optional":true}},"description":"external Google Cloud Logginig specific user configurable settings","description_kind":"plain"},"max_items":1},"external_kafka_user_config":{"nesting_mode":"list","block":{"attributes":{"bootstrap_servers":{"type":"string","description":"Bootstrap servers","description_kind":"plain","optional":true},"sasl_mechanism":{"type":"string","description":"The list of SASL mechanisms enabled in the Kafka server.","description_kind":"plain","optional":true},"sasl_plain_password":{"type":"string","description":"Password for SASL PLAIN mechanism in the Kafka server.","description_kind":"plain","optional":true,"sensitive":true},"sasl_plain_username":{"type":"string","description":"Username for SASL PLAIN mechanism in the Kafka server.","description_kind":"plain","optional":true},"security_protocol":{"type":"string","description":"Security protocol","description_kind":"plain","optional":true},"ssl_ca_cert":{"type":"string","description":"PEM-encoded CA certificate","description_kind":"plain","optional":true},"ssl_client_cert":{"type":"string","description":"PEM-encoded client certificate","description_kind":"plain","optional":true},"ssl_client_key":{"type":"string","description":"PEM-encoded client key","description_kind":"plain","optional":true},"ssl_endpoint_identification_algorithm":{"type":"string","description":"The endpoint identification algorithm to validate server hostname using server certificate.","description_kind":"plain","optional":true}},"description":"external Kafka specific user configurable settings","description_kind":"plain"},"max_items":1},"external_schema_registry_user_config":{"nesting_mode":"list","block":{"attributes":{"authentication":{"type":"string","description":"Authentication method","description_kind":"plain","optional":true},"basic_auth_password":{"type":"string","description":"Basic authentication password","description_kind":"plain","optional":true,"sensitive":true},"basic_auth_username":{"type":"string","description":"Basic authentication user name","description_kind":"plain","optional":true},"url":{"type":"string","description":"Schema Registry URL","description_kind":"plain","optional":true}},"description":"External schema registry specific user configurable settings","description_kind":"plain"},"max_items":1},"jolokia_user_config":{"nesting_mode":"list","block":{"attributes":{"basic_auth_password":{"type":"string","description":"Jolokia basic authentication password","description_kind":"plain","optional":true,"sensitive":true},"basic_auth_username":{"type":"string","description":"Jolokia basic authentication username","description_kind":"plain","optional":true}},"description":"Jolokia specific user configurable settings","description_kind":"plain"},"max_items":1},"prometheus_user_config":{"nesting_mode":"list","block":{"attributes":{"basic_auth_password":{"type":"string","description":"Prometheus basic authentication password","description_kind":"plain","optional":true,"sensitive":true},"basic_auth_username":{"type":"string","description":"Prometheus basic authentication username","description_kind":"plain","optional":true}},"description":"Prometheus specific user configurable settings","description_kind":"plain"},"max_items":1},"rsyslog_user_config":{"nesting_mode":"list","block":{"attributes":{"ca":{"type":"string","description":"PEM encoded CA certificate","description_kind":"plain","optional":true},"cert":{"type":"string","description":"PEM encoded client certificate","description_kind":"plain","optional":true},"format":{"type":"string","description":"message format","description_kind":"plain","optional":true},"key":{"type":"string","description":"PEM encoded client key","description_kind":"plain","optional":true},"logline":{"type":"string","description":"custom syslog message format","description_kind":"plain","optional":true},"port":{"type":"string","description":"rsyslog server port","description_kind":"plain","optional":true},"sd":{"type":"string","description":"Structured data block for log message","description_kind":"plain","optional":true},"server":{"type":"string","description":"rsyslog server IP address or hostname","description_kind":"plain","optional":true},"tls":{"type":"string","description":"Require TLS","description_kind":"plain","optional":true}},"description":"rsyslog specific user configurable settings","description_kind":"plain"},"max_items":1},"signalfx_user_config":{"nesting_mode":"list","block":{"attributes":{"enabled_metrics":{"type":["list","string"],"description":"list of metrics to send","description_kind":"plain","optional":true},"signalfx_api_key":{"type":"string","description":"SignalFX API key","description_kind":"plain","optional":true,"sensitive":true},"signalfx_realm":{"type":"string","description":"SignalFX realm","description_kind":"plain","optional":true}},"description":"Signalfx specific user configurable settings","description_kind":"plain"},"max_items":1}},"description":"The Service Integration Endpoint resource allows the creation and management of Aiven Service Integration Endpoints.","description_kind":"plain"}},"aiven_service_user":{"version":0,"block":{"attributes":{"access_cert":{"type":"string","description":"Access certificate for the user if applicable for the service in question","description_kind":"plain","computed":true,"sensitive":true},"access_key":{"type":"string","description":"Access certificate key for the user if applicable for the service in question","description_kind":"plain","computed":true,"sensitive":true},"authentication":{"type":"string","description":"Authentication details. The possible values are `caching_sha2_password` and `mysql_native_password`.","description_kind":"plain","optional":true},"id":{"type":"string","description_kind":"plain","optional":true,"computed":true},"password":{"type":"string","description":"The password of the service user ( not applicable for all services ).","description_kind":"plain","optional":true,"sensitive":true},"project":{"type":"string","description":"Identifies the project this resource belongs to. To set up proper dependencies please refer to this variable as a reference. This property cannot be changed, doing so forces recreation of the resource.","description_kind":"plain","required":true},"redis_acl_categories":{"type":["list","string"],"description":"Redis specific field, defines command category rules. The field is required with`redis_acl_commands` and `redis_acl_keys`. This property cannot be changed, doing so forces recreation of the resource.","description_kind":"plain","optional":true},"redis_acl_channels":{"type":["list","string"],"description":"Redis specific field, defines the permitted pub/sub channel patterns. This property cannot be changed, doing so forces recreation of the resource.","description_kind":"plain","optional":true},"redis_acl_commands":{"type":["list","string"],"description":"Redis specific field, defines rules for individual commands. The field is required with`redis_acl_categories` and `redis_acl_keys`. This property cannot be changed, doing so forces recreation of the resource.","description_kind":"plain","optional":true},"redis_acl_keys":{"type":["list","string"],"description":"Redis specific field, defines key access rules. The field is required with`redis_acl_categories` and `redis_acl_keys`. This property cannot be changed, doing so forces recreation of the resource.","description_kind":"plain","optional":true},"service_name":{"type":"string","description":"Specifies the name of the service that this resource belongs to. To set up proper dependencies please refer to this variable as a reference. This property cannot be changed, doing so forces recreation of the resource.","description_kind":"plain","required":true},"type":{"type":"string","description":"Type of the user account. Tells wether the user is the primary account or a regular account.","description_kind":"plain","computed":true},"username":{"type":"string","description":"The actual name of the service user. To set up proper dependencies please refer to this variable as a reference. This property cannot be changed, doing so forces recreation of the resource.","description_kind":"plain","required":true}},"description":"The Service User resource allows the creation and management of Aiven Service Users.","description_kind":"plain"}},"aiven_transit_gateway_vpc_attachment":{"version":0,"block":{"attributes":{"id":{"type":"string","description_kind":"plain","optional":true,"computed":true},"peer_cloud_account":{"type":"string","description":"AWS account ID or GCP project ID of the peered VPC This property cannot be changed, doing so forces recreation of the resource.","description_kind":"plain","required":true},"peer_region":{"type":"string","description":"AWS region of the peered VPC (if not in the same region as Aiven VPC)","description_kind":"plain","required":true},"peer_vpc":{"type":"string","description":"Transit gateway ID This property cannot be changed, doing so forces recreation of the resource.","description_kind":"plain","required":true},"peering_connection_id":{"type":"string","description":"Cloud provider identifier for the peering connection if available","description_kind":"plain","computed":true},"state":{"type":"string","description":"State of the peering connection","description_kind":"plain","computed":true},"state_info":{"type":["map","string"],"description":"State-specific help or error information","description_kind":"plain","computed":true},"user_peer_network_cidrs":{"type":["list","string"],"description":"List of private IPv4 ranges to route through the peering connection","description_kind":"plain","required":true},"vpc_id":{"type":"string","description":"The VPC the peering connection belongs to. To set up proper dependencies please refer to this variable as a reference. This property cannot be changed, doing so forces recreation of the resource.","description_kind":"plain","required":true}},"block_types":{"timeouts":{"nesting_mode":"single","block":{"attributes":{"create":{"type":"string","description_kind":"plain","optional":true}},"description_kind":"plain"}}},"description":"The Transit Gateway VPC Attachment resource allows the creation and management Transit Gateway VPC Attachment VPC peering connection between Aiven and AWS.","description_kind":"plain"}},"aiven_vpc_peering_connection":{"version":0,"block":{"attributes":{"id":{"type":"string","description_kind":"plain","optional":true,"computed":true},"peer_azure_app_id":{"type":"string","description":"Azure app registration id in UUID4 form that is allowed to create a peering to the peer vnet This property cannot be changed, doing so forces recreation of the resource.","description_kind":"plain","optional":true},"peer_azure_tenant_id":{"type":"string","description":"Azure tenant id in UUID4 form. This property cannot be changed, doing so forces recreation of the resource.","description_kind":"plain","optional":true},"peer_cloud_account":{"type":"string","description":"AWS account ID or GCP project ID of the peered VPC. This property cannot be changed, doing so forces recreation of the resource.","description_kind":"plain","required":true},"peer_region":{"type":"string","description":"AWS region of the peered VPC (if not in the same region as Aiven VPC). This property cannot be changed, doing so forces recreation of the resource.","description_kind":"plain","optional":true},"peer_resource_group":{"type":"string","description":"Azure resource group name of the peered VPC This property cannot be changed, doing so forces recreation of the resource.","description_kind":"plain","optional":true},"peer_vpc":{"type":"string","description":"AWS VPC ID or GCP VPC network name of the peered VPC. This property cannot be changed, doing so forces recreation of the resource.","description_kind":"plain","required":true},"peering_connection_id":{"type":"string","description":"Cloud provider identifier for the peering connection if available","description_kind":"plain","computed":true},"state":{"type":"string","description":"State of the peering connection","description_kind":"plain","computed":true},"state_info":{"type":["map","string"],"description":"State-specific help or error information","description_kind":"plain","computed":true},"vpc_id":{"type":"string","description":"The VPC the peering connection belongs to. This property cannot be changed, doing so forces recreation of the resource.","description_kind":"plain","required":true}},"block_types":{"timeouts":{"nesting_mode":"single","block":{"attributes":{"create":{"type":"string","description_kind":"plain","optional":true},"delete":{"type":"string","description_kind":"plain","optional":true}},"description_kind":"plain"}}},"description":"The VPC Peering Connection resource allows the creation and management of Aiven VPC Peering Connections.","description_kind":"plain"}}},"data_source_schemas":{"aiven_account":{"version":0,"block":{"attributes":{"account_id":{"type":"string","description":"Account id","description_kind":"plain","computed":true},"create_time":{"type":"string","description":"Time of creation","description_kind":"plain","computed":true},"id":{"type":"string","description_kind":"plain","optional":true,"computed":true},"name":{"type":"string","description":"Account name","description_kind":"plain","required":true},"owner_team_id":{"type":"string","description":"Owner team id","description_kind":"plain","computed":true},"tenant_id":{"type":"string","description":"Tenant id","description_kind":"plain","computed":true},"update_time":{"type":"string","description":"Time of last update","description_kind":"plain","computed":true}},"description":"The Account data source provides information about the existing Aiven Account.","description_kind":"plain"}},"aiven_account_authentication":{"version":0,"block":{"attributes":{"account_id":{"type":"string","description":"The unique id of the account.","description_kind":"plain","required":true},"authentication_id":{"type":"string","description":"Account authentication id","description_kind":"plain","computed":true},"create_time":{"type":"string","description":"Time of creation","description_kind":"plain","computed":true},"enabled":{"type":"bool","description":"Status of account authentication method. The default value is `false`.","description_kind":"plain","computed":true},"id":{"type":"string","description_kind":"plain","optional":true,"computed":true},"name":{"type":"string","description":"The name of the account authentication.","description_kind":"plain","required":true},"saml_acs_url":{"type":"string","description":"SAML Assertion Consumer Service URL","description_kind":"plain","computed":true},"saml_certificate":{"type":"string","description":"SAML Certificate","description_kind":"plain","computed":true},"saml_entity_id":{"type":"string","description":"SAML Entity id","description_kind":"plain","computed":true},"saml_idp_url":{"type":"string","description":"SAML Idp URL","description_kind":"plain","computed":true},"saml_metadata_url":{"type":"string","description":"SAML Metadata URL","description_kind":"plain","computed":true},"type":{"type":"string","description":"The account authentication type. The possible values are `internal` and `saml`.","description_kind":"plain","computed":true},"update_time":{"type":"string","description":"Time of last update","description_kind":"plain","computed":true}},"description":"The Account Authentication data source provides information about the existing Aiven Account Authentication.","description_kind":"plain"}},"aiven_account_team":{"version":0,"block":{"attributes":{"account_id":{"type":"string","description":"The unique account id","description_kind":"plain","required":true},"create_time":{"type":"string","description":"Time of creation","description_kind":"plain","computed":true},"id":{"type":"string","description_kind":"plain","optional":true,"computed":true},"name":{"type":"string","description":"The account team name","description_kind":"plain","required":true},"team_id":{"type":"string","description":"The auto-generated unique account team id","description_kind":"plain","computed":true},"update_time":{"type":"string","description":"Time of last update","description_kind":"plain","computed":true}},"description":"The Account Team data source provides information about the existing Account Team.","description_kind":"plain"}},"aiven_account_team_member":{"version":0,"block":{"attributes":{"accepted":{"type":"bool","description":"is a boolean flag that determines whether an invitation was accepted or not by the user. `false` value means that the invitation was sent to the user but not yet accepted. `true` means that the user accepted the invitation and now a member of an account team.","description_kind":"plain","computed":true},"account_id":{"type":"string","description":"The unique account id This property cannot be changed, doing so forces recreation of the resource.","description_kind":"plain","required":true},"create_time":{"type":"string","description":"Time of creation","description_kind":"plain","computed":true},"id":{"type":"string","description_kind":"plain","optional":true,"computed":true},"invited_by_user_email":{"type":"string","description":"The email address that invited this user.","description_kind":"plain","computed":true},"team_id":{"type":"string","description":"An account team id This property cannot be changed, doing so forces recreation of the resource.","description_kind":"plain","required":true},"user_email":{"type":"string","description":"Is a user email address that first will be invited, and after accepting an invitation, he or she becomes a member of a team. This property cannot be changed, doing so forces recreation of the resource.","description_kind":"plain","required":true}},"description":"The Account Team Member data source provides information about the existing Aiven Account Team Member.","description_kind":"plain"}},"aiven_account_team_project":{"version":0,"block":{"attributes":{"account_id":{"type":"string","description":"The unique account id","description_kind":"plain","required":true},"id":{"type":"string","description_kind":"plain","optional":true,"computed":true},"project_name":{"type":"string","description":"The name of an already existing project","description_kind":"plain","required":true},"team_id":{"type":"string","description":"An account team id","description_kind":"plain","required":true},"team_type":{"type":"string","description":"The Account team project type The possible values are `admin`, `developer`, `operator` and `read_only`.","description_kind":"plain","computed":true}},"description":"The Account Team Project data source provides information about the existing Account Team Project.","description_kind":"plain"}},"aiven_aws_privatelink":{"version":0,"block":{"attributes":{"aws_service_id":{"type":"string","description":"AWS service ID","description_kind":"plain","computed":true},"aws_service_name":{"type":"string","description":"AWS service name","description_kind":"plain","computed":true},"id":{"type":"string","description_kind":"plain","optional":true,"computed":true},"principals":{"type":["set","string"],"description":"List of allowed principals","description_kind":"plain","computed":true},"project":{"type":"string","description":"Identifies the project this resource belongs to. To set up proper dependencies please refer to this variable as a reference. This property cannot be changed, doing so forces recreation of the resource.","description_kind":"plain","required":true},"service_name":{"type":"string","description":"Specifies the name of the service that this resource belongs to. To set up proper dependencies please refer to this variable as a reference. This property cannot be changed, doing so forces recreation of the resource.","description_kind":"plain","required":true}},"description":"The AWS Privatelink resource allows the creation and management of Aiven AWS Privatelink for a services.","description_kind":"plain"}},"aiven_azure_privatelink":{"version":0,"block":{"attributes":{"azure_service_alias":{"type":"string","description":"Azure Privatelink service alias","description_kind":"plain","computed":true},"azure_service_id":{"type":"string","description":"Azure Privatelink service ID","description_kind":"plain","computed":true},"id":{"type":"string","description_kind":"plain","optional":true,"computed":true},"message":{"type":"string","description":"Printable result of the Azure Privatelink request","description_kind":"plain","computed":true},"project":{"type":"string","description":"Identifies the project this resource belongs to. To set up proper dependencies please refer to this variable as a reference. This property cannot be changed, doing so forces recreation of the resource.","description_kind":"plain","required":true},"service_name":{"type":"string","description":"Specifies the name of the service that this resource belongs to. To set up proper dependencies please refer to this variable as a reference. This property cannot be changed, doing so forces recreation of the resource.","description_kind":"plain","required":true},"state":{"type":"string","description":"Privatelink resource state","description_kind":"plain","computed":true},"user_subscription_ids":{"type":["set","string"],"description":"A List of allowed Subscription IDs Maximum Length: `16`.","description_kind":"plain","computed":true}},"description":"The Azure Privatelink resource allows the creation and management of Aiven Azure Privatelink for a services.","description_kind":"plain"}},"aiven_cassandra":{"version":0,"block":{"attributes":{"cassandra":{"type":["list",["object",{}]],"description":"Cassandra server provided values","description_kind":"plain","computed":true},"cassandra_user_config":{"type":["list",["object",{"cassandra":["list",["object",{"batch_size_fail_threshold_in_kb":"string","batch_size_warn_threshold_in_kb":"string"}]],"cassandra_version":"string","ip_filter":["list","string"],"migrate_sstableloader":"string","private_access":["list",["object",{"prometheus":"string"}]],"project_to_fork_from":"string","public_access":["list",["object",{"prometheus":"string"}]],"service_to_fork_from":"string","static_ips":"string"}]],"description":"Cassandra user configurable settings","description_kind":"plain","computed":true},"cloud_name":{"type":"string","description":"Defines where the cloud provider and region where the service is hosted in. This can be changed freely after service is created. Changing the value will trigger a potentially lengthy migration process for the service. Format is cloud provider name (`aws`, `azure`, `do` `google`, `upcloud`, etc.), dash, and the cloud provider specific region name. These are documented on each Cloud provider's own support articles, like [here for Google](https://cloud.google.com/compute/docs/regions-zones/) and [here for AWS](https://docs.aws.amazon.com/AmazonRDS/latest/UserGuide/Concepts.RegionsAndAvailabilityZones.html).","description_kind":"plain","computed":true},"components":{"type":["list",["object",{"component":"string","host":"string","kafka_authentication_method":"string","port":"number","route":"string","ssl":"bool","usage":"string"}]],"description":"Service component information objects","description_kind":"plain","computed":true},"id":{"type":"string","description_kind":"plain","optional":true,"computed":true},"maintenance_window_dow":{"type":"string","description":"Day of week when maintenance operations should be performed. One monday, tuesday, wednesday, etc.","description_kind":"plain","computed":true},"maintenance_window_time":{"type":"string","description":"Time of day when maintenance operations should be performed. UTC time in HH:mm:ss format.","description_kind":"plain","computed":true},"plan":{"type":"string","description":"Defines what kind of computing resources are allocated for the service. It can be changed after creation, though there are some restrictions when going to a smaller plan such as the new plan must have sufficient amount of disk space to store all current data and switching to a plan with fewer nodes might not be supported. The basic plan names are `hobbyist`, `startup-x`, `business-x` and `premium-x` where `x` is (roughly) the amount of memory on each node (also other attributes like number of CPUs and amount of disk space varies but naming is based on memory). The available options can be seem from the [Aiven pricing page](https://aiven.io/pricing).","description_kind":"plain","computed":true},"project":{"type":"string","description":"Identifies the project this resource belongs to. To set up proper dependencies please refer to this variable as a reference. This property cannot be changed, doing so forces recreation of the resource.","description_kind":"plain","required":true},"project_vpc_id":{"type":"string","description":"Specifies the VPC the service should run in. If the value is not set the service is not run inside a VPC. When set, the value should be given as a reference to set up dependencies correctly and the VPC must be in the same cloud and region as the service itself. Project can be freely moved to and from VPC after creation but doing so triggers migration to new servers so the operation can take significant amount of time to complete if the service has a lot of data.","description_kind":"plain","computed":true},"service_host":{"type":"string","description":"The hostname of the service.","description_kind":"plain","computed":true},"service_integrations":{"type":["list",["object",{"integration_type":"string","source_service_name":"string"}]],"description":"Service integrations to specify when creating a service. Not applied after initial service creation","description_kind":"plain","computed":true},"service_name":{"type":"string","description":"Specifies the actual name of the service. The name cannot be changed later without destroying and re-creating the service so name should be picked based on intended service usage rather than current attributes.","description_kind":"plain","required":true},"service_password":{"type":"string","description":"Password used for connecting to the service, if applicable","description_kind":"plain","computed":true,"sensitive":true},"service_port":{"type":"number","description":"The port of the service","description_kind":"plain","computed":true},"service_type":{"type":"string","description":"Aiven internal service type code","description_kind":"plain","computed":true},"service_uri":{"type":"string","description":"URI for connecting to the service. Service specific info is under \"kafka\", \"pg\", etc.","description_kind":"plain","computed":true,"sensitive":true},"service_username":{"type":"string","description":"Username used for connecting to the service, if applicable","description_kind":"plain","computed":true},"state":{"type":"string","description":"Service state. One of `POWEROFF`, `REBALANCING`, `REBUILDING` or `RUNNING`.","description_kind":"plain","computed":true},"termination_protection":{"type":"bool","description":"Prevents the service from being deleted. It is recommended to set this to `true` for all production services to prevent unintentional service deletion. This does not shield against deleting databases or topics but for services with backups much of the content can at least be restored from backup in case accidental deletion is done.","description_kind":"plain","computed":true}},"description":"The Cassandra data source provides information about the existing Aiven Cassandra service.","description_kind":"plain"}},"aiven_connection_pool":{"version":0,"block":{"attributes":{"connection_uri":{"type":"string","description":"The URI for connecting to the pool","description_kind":"plain","computed":true,"sensitive":true},"database_name":{"type":"string","description":"The name of the database the pool connects to. To set up proper dependencies please refer to this variable as a reference. This property cannot be changed, doing so forces recreation of the resource.","description_kind":"plain","computed":true},"id":{"type":"string","description_kind":"plain","optional":true,"computed":true},"pool_mode":{"type":"string","description":"The mode the pool operates in The possible values are `session`, `transaction` and `statement`. The default value is `transaction`.","description_kind":"plain","computed":true},"pool_name":{"type":"string","description":"The name of the created pool. This property cannot be changed, doing so forces recreation of the resource.","description_kind":"plain","required":true},"pool_size":{"type":"number","description":"The number of connections the pool may create towards the backend server. This does not affect the number of incoming connections, which is always a much larger number. The default value is `10`.","description_kind":"plain","computed":true},"project":{"type":"string","description":"Identifies the project this resource belongs to. To set up proper dependencies please refer to this variable as a reference. This property cannot be changed, doing so forces recreation of the resource.","description_kind":"plain","required":true},"service_name":{"type":"string","description":"Specifies the name of the service that this resource belongs to. To set up proper dependencies please refer to this variable as a reference. This property cannot be changed, doing so forces recreation of the resource.","description_kind":"plain","required":true},"username":{"type":"string","description":"The name of the service user used to connect to the database. To set up proper dependencies please refer to this variable as a reference.","description_kind":"plain","computed":true}},"description":"The Connection Pool data source provides information about the existing Aiven Connection Pool.","description_kind":"plain"}},"aiven_database":{"version":0,"block":{"attributes":{"database_name":{"type":"string","description":"The name of the service database. This property cannot be changed, doing so forces recreation of the resource.","description_kind":"plain","required":true},"id":{"type":"string","description_kind":"plain","optional":true,"computed":true},"lc_collate":{"type":"string","description":"Default string sort order (`LC_COLLATE`) of the database. The default value is `en_US.UTF-8`. This property cannot be changed, doing so forces recreation of the resource.","description_kind":"plain","computed":true},"lc_ctype":{"type":"string","description":"Default character classification (`LC_CTYPE`) of the database. The default value is `en_US.UTF-8`. This property cannot be changed, doing so forces recreation of the resource.","description_kind":"plain","computed":true},"project":{"type":"string","description":"Identifies the project this resource belongs to. To set up proper dependencies please refer to this variable as a reference. This property cannot be changed, doing so forces recreation of the resource.","description_kind":"plain","required":true},"service_name":{"type":"string","description":"Specifies the name of the service that this resource belongs to. To set up proper dependencies please refer to this variable as a reference. This property cannot be changed, doing so forces recreation of the resource.","description_kind":"plain","required":true},"termination_protection":{"type":"bool","description":"It is a Terraform client-side deletion protections, which prevents the database from being deleted by Terraform. It is recommended to enable this for any production databases containing critical data. The default value is `false`.","description_kind":"plain","computed":true}},"description":"The Database data source provides information about the existing Aiven Database.","description_kind":"plain"}},"aiven_elasticsearch":{"version":0,"block":{"attributes":{"cloud_name":{"type":"string","description":"Defines where the cloud provider and region where the service is hosted in. This can be changed freely after service is created. Changing the value will trigger a potentially lengthy migration process for the service. Format is cloud provider name (`aws`, `azure`, `do` `google`, `upcloud`, etc.), dash, and the cloud provider specific region name. These are documented on each Cloud provider's own support articles, like [here for Google](https://cloud.google.com/compute/docs/regions-zones/) and [here for AWS](https://docs.aws.amazon.com/AmazonRDS/latest/UserGuide/Concepts.RegionsAndAvailabilityZones.html).","description_kind":"plain","computed":true},"components":{"type":["list",["object",{"component":"string","host":"string","kafka_authentication_method":"string","port":"number","route":"string","ssl":"bool","usage":"string"}]],"description":"Service component information objects","description_kind":"plain","computed":true},"elasticsearch":{"type":["list",["object",{"kibana_uri":"string"}]],"description":"Elasticsearch server provided values","description_kind":"plain","computed":true},"elasticsearch_user_config":{"type":["list",["object",{"custom_domain":"string","disable_replication_factor_adjustment":"string","elasticsearch":["list",["object",{"action_auto_create_index_enabled":"string","action_destructive_requires_name":"string","cluster_max_shards_per_node":"string","http_max_content_length":"string","http_max_header_size":"string","http_max_initial_line_length":"string","indices_fielddata_cache_size":"string","indices_memory_index_buffer_size":"string","indices_queries_cache_size":"string","indices_query_bool_max_clause_count":"string","reindex_remote_whitelist":["list","string"],"search_max_buckets":"string","thread_pool_analyze_queue_size":"string","thread_pool_analyze_size":"string","thread_pool_force_merge_size":"string","thread_pool_get_queue_size":"string","thread_pool_get_size":"string","thread_pool_index_queue_size":"string","thread_pool_index_size":"string","thread_pool_search_queue_size":"string","thread_pool_search_size":"string","thread_pool_search_throttled_queue_size":"string","thread_pool_search_throttled_size":"string","thread_pool_write_queue_size":"string","thread_pool_write_size":"string"}]],"elasticsearch_version":"string","index_patterns":["list",["object",{"max_index_count":"string","pattern":"string","sorting_algorithm":"string"}]],"index_template":["list",["object",{"mapping_nested_objects_limit":"string","number_of_replicas":"string","number_of_shards":"string"}]],"ip_filter":["list","string"],"keep_index_refresh_interval":"string","kibana":["list",["object",{"elasticsearch_request_timeout":"string","enabled":"string","max_old_space_size":"string"}]],"max_index_count":"string","opensearch_version":"string","private_access":["list",["object",{"elasticsearch":"string","kibana":"string","prometheus":"string"}]],"privatelink_access":["list",["object",{"elasticsearch":"string","kibana":"string"}]],"project_to_fork_from":"string","public_access":["list",["object",{"elasticsearch":"string","kibana":"string","prometheus":"string"}]],"recovery_basebackup_name":"string","service_to_fork_from":"string","static_ips":"string"}]],"description":"Elasticsearch user configurable settings","description_kind":"plain","computed":true},"id":{"type":"string","description_kind":"plain","optional":true,"computed":true},"maintenance_window_dow":{"type":"string","description":"Day of week when maintenance operations should be performed. One monday, tuesday, wednesday, etc.","description_kind":"plain","computed":true},"maintenance_window_time":{"type":"string","description":"Time of day when maintenance operations should be performed. UTC time in HH:mm:ss format.","description_kind":"plain","computed":true},"plan":{"type":"string","description":"Defines what kind of computing resources are allocated for the service. It can be changed after creation, though there are some restrictions when going to a smaller plan such as the new plan must have sufficient amount of disk space to store all current data and switching to a plan with fewer nodes might not be supported. The basic plan names are `hobbyist`, `startup-x`, `business-x` and `premium-x` where `x` is (roughly) the amount of memory on each node (also other attributes like number of CPUs and amount of disk space varies but naming is based on memory). The available options can be seem from the [Aiven pricing page](https://aiven.io/pricing).","description_kind":"plain","computed":true},"project":{"type":"string","description":"Identifies the project this resource belongs to. To set up proper dependencies please refer to this variable as a reference. This property cannot be changed, doing so forces recreation of the resource.","description_kind":"plain","required":true},"project_vpc_id":{"type":"string","description":"Specifies the VPC the service should run in. If the value is not set the service is not run inside a VPC. When set, the value should be given as a reference to set up dependencies correctly and the VPC must be in the same cloud and region as the service itself. Project can be freely moved to and from VPC after creation but doing so triggers migration to new servers so the operation can take significant amount of time to complete if the service has a lot of data.","description_kind":"plain","computed":true},"service_host":{"type":"string","description":"The hostname of the service.","description_kind":"plain","computed":true},"service_integrations":{"type":["list",["object",{"integration_type":"string","source_service_name":"string"}]],"description":"Service integrations to specify when creating a service. Not applied after initial service creation","description_kind":"plain","computed":true},"service_name":{"type":"string","description":"Specifies the actual name of the service. The name cannot be changed later without destroying and re-creating the service so name should be picked based on intended service usage rather than current attributes.","description_kind":"plain","required":true},"service_password":{"type":"string","description":"Password used for connecting to the service, if applicable","description_kind":"plain","computed":true,"sensitive":true},"service_port":{"type":"number","description":"The port of the service","description_kind":"plain","computed":true},"service_type":{"type":"string","description":"Aiven internal service type code","description_kind":"plain","computed":true},"service_uri":{"type":"string","description":"URI for connecting to the service. Service specific info is under \"kafka\", \"pg\", etc.","description_kind":"plain","computed":true,"sensitive":true},"service_username":{"type":"string","description":"Username used for connecting to the service, if applicable","description_kind":"plain","computed":true},"state":{"type":"string","description":"Service state. One of `POWEROFF`, `REBALANCING`, `REBUILDING` or `RUNNING`.","description_kind":"plain","computed":true},"termination_protection":{"type":"bool","description":"Prevents the service from being deleted. It is recommended to set this to `true` for all production services to prevent unintentional service deletion. This does not shield against deleting databases or topics but for services with backups much of the content can at least be restored from backup in case accidental deletion is done.","description_kind":"plain","computed":true}},"description":"The Elasticsearch data source provides information about the existing Aiven Elasticsearch service.","description_kind":"plain"}},"aiven_elasticsearch_acl":{"version":0,"block":{"attributes":{"acl":{"type":["set",["object",{"rule":["set",["object",{"index":"string","permission":"string"}]],"username":"string"}]],"description":"List of Elasticsearch ACLs","description_kind":"plain","computed":true},"enabled":{"type":"bool","description":"Enable Elasticsearch ACLs. When disabled authenticated service users have unrestricted access. The default value is `true`.","description_kind":"plain","computed":true},"extended_acl":{"type":"bool","description":"Index rules can be applied in a limited fashion to the _mget, _msearch and _bulk APIs (and only those) by enabling the ExtendedAcl option for the service. When it is enabled, users can use these APIs as long as all operations only target indexes they have been granted access to. The default value is `true`.","description_kind":"plain","computed":true},"id":{"type":"string","description_kind":"plain","optional":true,"computed":true},"project":{"type":"string","description":"Identifies the project this resource belongs to. To set up proper dependencies please refer to this variable as a reference. This property cannot be changed, doing so forces recreation of the resource.","description_kind":"plain","required":true},"service_name":{"type":"string","description":"Specifies the name of the service that this resource belongs to. To set up proper dependencies please refer to this variable as a reference. This property cannot be changed, doing so forces recreation of the resource.","description_kind":"plain","required":true}},"description":"The Elasticsearch ACL data source provides information about the existing Aiven Elasticsearch ACL for Elasticsearch service.","description_kind":"plain","deprecated":true}},"aiven_elasticsearch_acl_config":{"version":0,"block":{"attributes":{"enabled":{"type":"bool","description":"Enable Elasticsearch ACLs. When disabled authenticated service users have unrestricted access The default value is `true`.","description_kind":"plain","computed":true},"extended_acl":{"type":"bool","description":"Index rules can be applied in a limited fashion to the _mget, _msearch and _bulk APIs (and only those) by enabling the ExtendedAcl option for the service. When it is enabled, users can use these APIs as long as all operations only target indexes they have been granted access to The default value is `10`.","description_kind":"plain","computed":true},"id":{"type":"string","description_kind":"plain","optional":true,"computed":true},"project":{"type":"string","description":"Identifies the project this resource belongs to. To set up proper dependencies please refer to this variable as a reference. This property cannot be changed, doing so forces recreation of the resource.","description_kind":"plain","required":true},"service_name":{"type":"string","description":"Specifies the name of the service that this resource belongs to. To set up proper dependencies please refer to this variable as a reference. This property cannot be changed, doing so forces recreation of the resource.","description_kind":"plain","required":true}},"description":"The Elasticsearch ACL Config data source provides information about an existing Aiven Elasticsearch ACL Config.","description_kind":"plain"}},"aiven_elasticsearch_acl_rule":{"version":0,"block":{"attributes":{"id":{"type":"string","description_kind":"plain","optional":true,"computed":true},"index":{"type":"string","description":"The index pattern for the ACL entry. Maximum Length: `249`. This property cannot be changed, doing so forces recreation of the resource.","description_kind":"plain","required":true},"permission":{"type":"string","description":"The permission for the ACL entry. The possible values are `deny`, `admin`, `read`, `readwrite` and `write`.","description_kind":"plain","computed":true},"project":{"type":"string","description":"Identifies the project this resource belongs to. To set up proper dependencies please refer to this variable as a reference. This property cannot be changed, doing so forces recreation of the resource.","description_kind":"plain","required":true},"service_name":{"type":"string","description":"Specifies the name of the service that this resource belongs to. To set up proper dependencies please refer to this variable as a reference. This property cannot be changed, doing so forces recreation of the resource.","description_kind":"plain","required":true},"username":{"type":"string","description":"The username for the ACL entry. Maximum Length: `40`. To set up proper dependencies please refer to this variable as a reference. This property cannot be changed, doing so forces recreation of the resource.","description_kind":"plain","required":true}},"description":"The Elasticsearch ACL Rule data source provides information about an existing Aiven Elasticsearch ACL Rule.","description_kind":"plain"}},"aiven_flink":{"version":0,"block":{"attributes":{"cloud_name":{"type":"string","description":"Defines where the cloud provider and region where the service is hosted in. This can be changed freely after service is created. Changing the value will trigger a potentially lengthy migration process for the service. Format is cloud provider name (`aws`, `azure`, `do` `google`, `upcloud`, etc.), dash, and the cloud provider specific region name. These are documented on each Cloud provider's own support articles, like [here for Google](https://cloud.google.com/compute/docs/regions-zones/) and [here for AWS](https://docs.aws.amazon.com/AmazonRDS/latest/UserGuide/Concepts.RegionsAndAvailabilityZones.html).","description_kind":"plain","computed":true},"components":{"type":["list",["object",{"component":"string","host":"string","kafka_authentication_method":"string","port":"number","route":"string","ssl":"bool","usage":"string"}]],"description":"Service component information objects","description_kind":"plain","computed":true},"flink":{"type":["list",["object",{"host_ports":["list","string"]}]],"description":"Flink server provided values","description_kind":"plain","computed":true},"flink_user_config":{"type":["list",["object",{"execution_checkpointing_interval_ms":"string","execution_checkpointing_timeout_ms":"string","flink_version":"string","ip_filter":["list","string"],"number_of_task_slots":"string","parallelism_default":"string","restart_strategy":"string","restart_strategy_delay_sec":"string","restart_strategy_failure_rate_interval_min":"string","restart_strategy_max_failures":"string"}]],"description":"Flink user configurable settings","description_kind":"plain","computed":true},"id":{"type":"string","description_kind":"plain","optional":true,"computed":true},"maintenance_window_dow":{"type":"string","description":"Day of week when maintenance operations should be performed. One monday, tuesday, wednesday, etc.","description_kind":"plain","computed":true},"maintenance_window_time":{"type":"string","description":"Time of day when maintenance operations should be performed. UTC time in HH:mm:ss format.","description_kind":"plain","computed":true},"plan":{"type":"string","description":"Defines what kind of computing resources are allocated for the service. It can be changed after creation, though there are some restrictions when going to a smaller plan such as the new plan must have sufficient amount of disk space to store all current data and switching to a plan with fewer nodes might not be supported. The basic plan names are `hobbyist`, `startup-x`, `business-x` and `premium-x` where `x` is (roughly) the amount of memory on each node (also other attributes like number of CPUs and amount of disk space varies but naming is based on memory). The available options can be seem from the [Aiven pricing page](https://aiven.io/pricing).","description_kind":"plain","computed":true},"project":{"type":"string","description":"Identifies the project this resource belongs to. To set up proper dependencies please refer to this variable as a reference. This property cannot be changed, doing so forces recreation of the resource.","description_kind":"plain","required":true},"project_vpc_id":{"type":"string","description":"Specifies the VPC the service should run in. If the value is not set the service is not run inside a VPC. When set, the value should be given as a reference to set up dependencies correctly and the VPC must be in the same cloud and region as the service itself. Project can be freely moved to and from VPC after creation but doing so triggers migration to new servers so the operation can take significant amount of time to complete if the service has a lot of data.","description_kind":"plain","computed":true},"service_host":{"type":"string","description":"The hostname of the service.","description_kind":"plain","computed":true},"service_integrations":{"type":["list",["object",{"integration_type":"string","source_service_name":"string"}]],"description":"Service integrations to specify when creating a service. Not applied after initial service creation","description_kind":"plain","computed":true},"service_name":{"type":"string","description":"Specifies the actual name of the service. The name cannot be changed later without destroying and re-creating the service so name should be picked based on intended service usage rather than current attributes.","description_kind":"plain","required":true},"service_password":{"type":"string","description":"Password used for connecting to the service, if applicable","description_kind":"plain","computed":true,"sensitive":true},"service_port":{"type":"number","description":"The port of the service","description_kind":"plain","computed":true},"service_type":{"type":"string","description":"Aiven internal service type code","description_kind":"plain","computed":true},"service_uri":{"type":"string","description":"URI for connecting to the service. Service specific info is under \"kafka\", \"pg\", etc.","description_kind":"plain","computed":true,"sensitive":true},"service_username":{"type":"string","description":"Username used for connecting to the service, if applicable","description_kind":"plain","computed":true},"state":{"type":"string","description":"Service state. One of `POWEROFF`, `REBALANCING`, `REBUILDING` or `RUNNING`.","description_kind":"plain","computed":true},"termination_protection":{"type":"bool","description":"Prevents the service from being deleted. It is recommended to set this to `true` for all production services to prevent unintentional service deletion. This does not shield against deleting databases or topics but for services with backups much of the content can at least be restored from backup in case accidental deletion is done.","description_kind":"plain","computed":true}},"description":"The Flink data source provides information about the existing Aiven Flink service.","description_kind":"plain"}},"aiven_grafana":{"version":0,"block":{"attributes":{"cloud_name":{"type":"string","description":"Defines where the cloud provider and region where the service is hosted in. This can be changed freely after service is created. Changing the value will trigger a potentially lengthy migration process for the service. Format is cloud provider name (`aws`, `azure`, `do` `google`, `upcloud`, etc.), dash, and the cloud provider specific region name. These are documented on each Cloud provider's own support articles, like [here for Google](https://cloud.google.com/compute/docs/regions-zones/) and [here for AWS](https://docs.aws.amazon.com/AmazonRDS/latest/UserGuide/Concepts.RegionsAndAvailabilityZones.html).","description_kind":"plain","computed":true},"components":{"type":["list",["object",{"component":"string","host":"string","kafka_authentication_method":"string","port":"number","route":"string","ssl":"bool","usage":"string"}]],"description":"Service component information objects","description_kind":"plain","computed":true},"grafana":{"type":["list",["object",{}]],"description":"Grafana server provided values","description_kind":"plain","computed":true},"grafana_user_config":{"type":["list",["object",{"alerting_enabled":"string","alerting_error_or_timeout":"string","alerting_max_annotations_to_keep":"string","alerting_nodata_or_nullvalues":"string","allow_embedding":"string","auth_azuread":["list",["object",{"allow_sign_up":"string","allowed_domains":["list","string"],"allowed_groups":["list","string"],"auth_url":"string","client_id":"string","client_secret":"string","token_url":"string"}]],"auth_basic_enabled":"string","auth_generic_oauth":["list",["object",{"allow_sign_up":"string","allowed_domains":["list","string"],"allowed_organizations":["list","string"],"api_url":"string","auth_url":"string","client_id":"string","client_secret":"string","name":"string","scopes":["list","string"],"token_url":"string"}]],"auth_github":["list",["object",{"allow_sign_up":"string","allowed_organizations":["list","string"],"client_id":"string","client_secret":"string","team_ids":["list","string"]}]],"auth_gitlab":["list",["object",{"allow_sign_up":"string","allowed_groups":["list","string"],"api_url":"string","auth_url":"string","client_id":"string","client_secret":"string","token_url":"string"}]],"auth_google":["list",["object",{"allow_sign_up":"string","allowed_domains":["list","string"],"client_id":"string","client_secret":"string"}]],"cookie_samesite":"string","custom_domain":"string","dashboards_min_refresh_interval":"string","dashboards_versions_to_keep":"string","dataproxy_send_user_header":"string","dataproxy_timeout":"string","date_formats":["list",["object",{"default_timezone":"string","full_date":"string","interval_day":"string","interval_hour":"string","interval_minute":"string","interval_month":"string","interval_second":"string","interval_year":"string"}]],"disable_gravatar":"string","editors_can_admin":"string","external_image_storage":["list",["object",{"access_key":"string","bucket_url":"string","provider":"string","secret_key":"string"}]],"google_analytics_ua_id":"string","ip_filter":["list","string"],"metrics_enabled":"string","private_access":["list",["object",{"grafana":"string"}]],"privatelink_access":["list",["object",{"grafana":"string"}]],"project_to_fork_from":"string","public_access":["list",["object",{"grafana":"string"}]],"recovery_basebackup_name":"string","service_to_fork_from":"string","smtp_server":["list",["object",{"from_address":"string","from_name":"string","host":"string","password":"string","port":"string","skip_verify":"string","starttls_policy":"string","username":"string"}]],"static_ips":"string","user_auto_assign_org":"string","user_auto_assign_org_role":"string","viewers_can_edit":"string"}]],"description":"Grafana user configurable settings","description_kind":"plain","computed":true},"id":{"type":"string","description_kind":"plain","optional":true,"computed":true},"maintenance_window_dow":{"type":"string","description":"Day of week when maintenance operations should be performed. One monday, tuesday, wednesday, etc.","description_kind":"plain","computed":true},"maintenance_window_time":{"type":"string","description":"Time of day when maintenance operations should be performed. UTC time in HH:mm:ss format.","description_kind":"plain","computed":true},"plan":{"type":"string","description":"Defines what kind of computing resources are allocated for the service. It can be changed after creation, though there are some restrictions when going to a smaller plan such as the new plan must have sufficient amount of disk space to store all current data and switching to a plan with fewer nodes might not be supported. The basic plan names are `hobbyist`, `startup-x`, `business-x` and `premium-x` where `x` is (roughly) the amount of memory on each node (also other attributes like number of CPUs and amount of disk space varies but naming is based on memory). The available options can be seem from the [Aiven pricing page](https://aiven.io/pricing).","description_kind":"plain","computed":true},"project":{"type":"string","description":"Identifies the project this resource belongs to. To set up proper dependencies please refer to this variable as a reference. This property cannot be changed, doing so forces recreation of the resource.","description_kind":"plain","required":true},"project_vpc_id":{"type":"string","description":"Specifies the VPC the service should run in. If the value is not set the service is not run inside a VPC. When set, the value should be given as a reference to set up dependencies correctly and the VPC must be in the same cloud and region as the service itself. Project can be freely moved to and from VPC after creation but doing so triggers migration to new servers so the operation can take significant amount of time to complete if the service has a lot of data.","description_kind":"plain","computed":true},"service_host":{"type":"string","description":"The hostname of the service.","description_kind":"plain","computed":true},"service_integrations":{"type":["list",["object",{"integration_type":"string","source_service_name":"string"}]],"description":"Service integrations to specify when creating a service. Not applied after initial service creation","description_kind":"plain","computed":true},"service_name":{"type":"string","description":"Specifies the actual name of the service. The name cannot be changed later without destroying and re-creating the service so name should be picked based on intended service usage rather than current attributes.","description_kind":"plain","required":true},"service_password":{"type":"string","description":"Password used for connecting to the service, if applicable","description_kind":"plain","computed":true,"sensitive":true},"service_port":{"type":"number","description":"The port of the service","description_kind":"plain","computed":true},"service_type":{"type":"string","description":"Aiven internal service type code","description_kind":"plain","computed":true},"service_uri":{"type":"string","description":"URI for connecting to the service. Service specific info is under \"kafka\", \"pg\", etc.","description_kind":"plain","computed":true,"sensitive":true},"service_username":{"type":"string","description":"Username used for connecting to the service, if applicable","description_kind":"plain","computed":true},"state":{"type":"string","description":"Service state. One of `POWEROFF`, `REBALANCING`, `REBUILDING` or `RUNNING`.","description_kind":"plain","computed":true},"termination_protection":{"type":"bool","description":"Prevents the service from being deleted. It is recommended to set this to `true` for all production services to prevent unintentional service deletion. This does not shield against deleting databases or topics but for services with backups much of the content can at least be restored from backup in case accidental deletion is done.","description_kind":"plain","computed":true}},"description":"The Grafana data source provides information about the existing Aiven Grafana service.","description_kind":"plain"}},"aiven_influxdb":{"version":0,"block":{"attributes":{"cloud_name":{"type":"string","description":"Defines where the cloud provider and region where the service is hosted in. This can be changed freely after service is created. Changing the value will trigger a potentially lengthy migration process for the service. Format is cloud provider name (`aws`, `azure`, `do` `google`, `upcloud`, etc.), dash, and the cloud provider specific region name. These are documented on each Cloud provider's own support articles, like [here for Google](https://cloud.google.com/compute/docs/regions-zones/) and [here for AWS](https://docs.aws.amazon.com/AmazonRDS/latest/UserGuide/Concepts.RegionsAndAvailabilityZones.html).","description_kind":"plain","computed":true},"components":{"type":["list",["object",{"component":"string","host":"string","kafka_authentication_method":"string","port":"number","route":"string","ssl":"bool","usage":"string"}]],"description":"Service component information objects","description_kind":"plain","computed":true},"id":{"type":"string","description_kind":"plain","optional":true,"computed":true},"influxdb":{"type":["list",["object",{"database_name":"string"}]],"description":"InfluxDB server provided values","description_kind":"plain","computed":true},"influxdb_user_config":{"type":["list",["object",{"custom_domain":"string","influxdb":["list",["object",{"log_queries_after":"string","max_connection_limit":"string","max_row_limit":"string","max_select_buckets":"string","max_select_point":"string","query_timeout":"string"}]],"ip_filter":["list","string"],"private_access":["list",["object",{"influxdb":"string"}]],"privatelink_access":["list",["object",{"influxdb":"string"}]],"project_to_fork_from":"string","public_access":["list",["object",{"influxdb":"string"}]],"recovery_basebackup_name":"string","service_to_fork_from":"string","static_ips":"string"}]],"description":"Influxdb user configurable settings","description_kind":"plain","computed":true},"maintenance_window_dow":{"type":"string","description":"Day of week when maintenance operations should be performed. One monday, tuesday, wednesday, etc.","description_kind":"plain","computed":true},"maintenance_window_time":{"type":"string","description":"Time of day when maintenance operations should be performed. UTC time in HH:mm:ss format.","description_kind":"plain","computed":true},"plan":{"type":"string","description":"Defines what kind of computing resources are allocated for the service. It can be changed after creation, though there are some restrictions when going to a smaller plan such as the new plan must have sufficient amount of disk space to store all current data and switching to a plan with fewer nodes might not be supported. The basic plan names are `hobbyist`, `startup-x`, `business-x` and `premium-x` where `x` is (roughly) the amount of memory on each node (also other attributes like number of CPUs and amount of disk space varies but naming is based on memory). The available options can be seem from the [Aiven pricing page](https://aiven.io/pricing).","description_kind":"plain","computed":true},"project":{"type":"string","description":"Identifies the project this resource belongs to. To set up proper dependencies please refer to this variable as a reference. This property cannot be changed, doing so forces recreation of the resource.","description_kind":"plain","required":true},"project_vpc_id":{"type":"string","description":"Specifies the VPC the service should run in. If the value is not set the service is not run inside a VPC. When set, the value should be given as a reference to set up dependencies correctly and the VPC must be in the same cloud and region as the service itself. Project can be freely moved to and from VPC after creation but doing so triggers migration to new servers so the operation can take significant amount of time to complete if the service has a lot of data.","description_kind":"plain","computed":true},"service_host":{"type":"string","description":"The hostname of the service.","description_kind":"plain","computed":true},"service_integrations":{"type":["list",["object",{"integration_type":"string","source_service_name":"string"}]],"description":"Service integrations to specify when creating a service. Not applied after initial service creation","description_kind":"plain","computed":true},"service_name":{"type":"string","description":"Specifies the actual name of the service. The name cannot be changed later without destroying and re-creating the service so name should be picked based on intended service usage rather than current attributes.","description_kind":"plain","required":true},"service_password":{"type":"string","description":"Password used for connecting to the service, if applicable","description_kind":"plain","computed":true,"sensitive":true},"service_port":{"type":"number","description":"The port of the service","description_kind":"plain","computed":true},"service_type":{"type":"string","description":"Aiven internal service type code","description_kind":"plain","computed":true},"service_uri":{"type":"string","description":"URI for connecting to the service. Service specific info is under \"kafka\", \"pg\", etc.","description_kind":"plain","computed":true,"sensitive":true},"service_username":{"type":"string","description":"Username used for connecting to the service, if applicable","description_kind":"plain","computed":true},"state":{"type":"string","description":"Service state. One of `POWEROFF`, `REBALANCING`, `REBUILDING` or `RUNNING`.","description_kind":"plain","computed":true},"termination_protection":{"type":"bool","description":"Prevents the service from being deleted. It is recommended to set this to `true` for all production services to prevent unintentional service deletion. This does not shield against deleting databases or topics but for services with backups much of the content can at least be restored from backup in case accidental deletion is done.","description_kind":"plain","computed":true}},"description":"The InfluxDB data source provides information about the existing Aiven InfluxDB service.","description_kind":"plain"}},"aiven_kafka":{"version":0,"block":{"attributes":{"cloud_name":{"type":"string","description":"Defines where the cloud provider and region where the service is hosted in. This can be changed freely after service is created. Changing the value will trigger a potentially lengthy migration process for the service. Format is cloud provider name (`aws`, `azure`, `do` `google`, `upcloud`, etc.), dash, and the cloud provider specific region name. These are documented on each Cloud provider's own support articles, like [here for Google](https://cloud.google.com/compute/docs/regions-zones/) and [here for AWS](https://docs.aws.amazon.com/AmazonRDS/latest/UserGuide/Concepts.RegionsAndAvailabilityZones.html).","description_kind":"plain","computed":true},"components":{"type":["list",["object",{"component":"string","host":"string","kafka_authentication_method":"string","port":"number","route":"string","ssl":"bool","usage":"string"}]],"description":"Service component information objects","description_kind":"plain","computed":true},"default_acl":{"type":"bool","description":"Create default wildcard Kafka ACL","description_kind":"plain","computed":true},"id":{"type":"string","description_kind":"plain","optional":true,"computed":true},"kafka":{"type":["list",["object",{"access_cert":"string","access_key":"string","connect_uri":"string","rest_uri":"string","schema_registry_uri":"string"}]],"description":"Kafka server provided values","description_kind":"plain","computed":true},"kafka_user_config":{"type":["list",["object",{"custom_domain":"string","ip_filter":["list","string"],"kafka":["list",["object",{"auto_create_topics_enable":"string","compression_type":"string","connections_max_idle_ms":"string","default_replication_factor":"string","group_initial_rebalance_delay_ms":"string","group_max_session_timeout_ms":"string","group_min_session_timeout_ms":"string","log_cleaner_delete_retention_ms":"string","log_cleaner_max_compaction_lag_ms":"string","log_cleaner_min_cleanable_ratio":"string","log_cleaner_min_compaction_lag_ms":"string","log_cleanup_policy":"string","log_flush_interval_messages":"string","log_flush_interval_ms":"string","log_index_interval_bytes":"string","log_index_size_max_bytes":"string","log_message_downconversion_enable":"string","log_message_timestamp_difference_max_ms":"string","log_message_timestamp_type":"string","log_preallocate":"string","log_retention_bytes":"string","log_retention_hours":"string","log_retention_ms":"string","log_roll_jitter_ms":"string","log_roll_ms":"string","log_segment_bytes":"string","log_segment_delete_delay_ms":"string","max_connections_per_ip":"string","max_incremental_fetch_session_cache_slots":"string","message_max_bytes":"string","min_insync_replicas":"string","num_partitions":"string","offsets_retention_minutes":"string","producer_purgatory_purge_interval_requests":"string","replica_fetch_max_bytes":"string","replica_fetch_response_max_bytes":"string","socket_request_max_bytes":"string","transaction_remove_expired_transaction_cleanup_interval_ms":"string","transaction_state_log_segment_bytes":"string"}]],"kafka_authentication_methods":["list",["object",{"certificate":"string","sasl":"string"}]],"kafka_connect":"string","kafka_connect_config":["list",["object",{"connector_client_config_override_policy":"string","consumer_auto_offset_reset":"string","consumer_fetch_max_bytes":"string","consumer_isolation_level":"string","consumer_max_partition_fetch_bytes":"string","consumer_max_poll_interval_ms":"string","consumer_max_poll_records":"string","offset_flush_interval_ms":"string","offset_flush_timeout_ms":"string","producer_max_request_size":"string","session_timeout_ms":"string"}]],"kafka_rest":"string","kafka_rest_config":["list",["object",{"consumer_enable_auto_commit":"string","consumer_request_max_bytes":"string","consumer_request_timeout_ms":"string","producer_acks":"string","producer_linger_ms":"string","simpleconsumer_pool_size_max":"string"}]],"kafka_version":"string","private_access":["list",["object",{"prometheus":"string"}]],"privatelink_access":["list",["object",{"kafka":"string","kafka_connect":"string","kafka_rest":"string","schema_registry":"string"}]],"public_access":["list",["object",{"kafka":"string","kafka_connect":"string","kafka_rest":"string","prometheus":"string","schema_registry":"string"}]],"schema_registry":"string","schema_registry_config":["list",["object",{"leader_eligibility":"string","topic_name":"string"}]],"static_ips":"string"}]],"description":"Kafka user configurable settings","description_kind":"plain","computed":true},"maintenance_window_dow":{"type":"string","description":"Day of week when maintenance operations should be performed. One monday, tuesday, wednesday, etc.","description_kind":"plain","computed":true},"maintenance_window_time":{"type":"string","description":"Time of day when maintenance operations should be performed. UTC time in HH:mm:ss format.","description_kind":"plain","computed":true},"plan":{"type":"string","description":"Defines what kind of computing resources are allocated for the service. It can be changed after creation, though there are some restrictions when going to a smaller plan such as the new plan must have sufficient amount of disk space to store all current data and switching to a plan with fewer nodes might not be supported. The basic plan names are `hobbyist`, `startup-x`, `business-x` and `premium-x` where `x` is (roughly) the amount of memory on each node (also other attributes like number of CPUs and amount of disk space varies but naming is based on memory). The available options can be seem from the [Aiven pricing page](https://aiven.io/pricing).","description_kind":"plain","computed":true},"project":{"type":"string","description":"Identifies the project this resource belongs to. To set up proper dependencies please refer to this variable as a reference. This property cannot be changed, doing so forces recreation of the resource.","description_kind":"plain","required":true},"project_vpc_id":{"type":"string","description":"Specifies the VPC the service should run in. If the value is not set the service is not run inside a VPC. When set, the value should be given as a reference to set up dependencies correctly and the VPC must be in the same cloud and region as the service itself. Project can be freely moved to and from VPC after creation but doing so triggers migration to new servers so the operation can take significant amount of time to complete if the service has a lot of data.","description_kind":"plain","computed":true},"service_host":{"type":"string","description":"The hostname of the service.","description_kind":"plain","computed":true},"service_integrations":{"type":["list",["object",{"integration_type":"string","source_service_name":"string"}]],"description":"Service integrations to specify when creating a service. Not applied after initial service creation","description_kind":"plain","computed":true},"service_name":{"type":"string","description":"Specifies the actual name of the service. The name cannot be changed later without destroying and re-creating the service so name should be picked based on intended service usage rather than current attributes.","description_kind":"plain","required":true},"service_password":{"type":"string","description":"Password used for connecting to the service, if applicable","description_kind":"plain","computed":true,"sensitive":true},"service_port":{"type":"number","description":"The port of the service","description_kind":"plain","computed":true},"service_type":{"type":"string","description":"Aiven internal service type code","description_kind":"plain","computed":true},"service_uri":{"type":"string","description":"URI for connecting to the service. Service specific info is under \"kafka\", \"pg\", etc.","description_kind":"plain","computed":true,"sensitive":true},"service_username":{"type":"string","description":"Username used for connecting to the service, if applicable","description_kind":"plain","computed":true},"state":{"type":"string","description":"Service state. One of `POWEROFF`, `REBALANCING`, `REBUILDING` or `RUNNING`.","description_kind":"plain","computed":true},"termination_protection":{"type":"bool","description":"Prevents the service from being deleted. It is recommended to set this to `true` for all production services to prevent unintentional service deletion. This does not shield against deleting databases or topics but for services with backups much of the content can at least be restored from backup in case accidental deletion is done.","description_kind":"plain","computed":true}},"description":"The Kafka data source provides information about the existing Aiven Kafka services.","description_kind":"plain"}},"aiven_kafka_acl":{"version":0,"block":{"attributes":{"id":{"type":"string","description_kind":"plain","optional":true,"computed":true},"permission":{"type":"string","description":"Kafka permission to grant. The possible values are `admin`, `read`, `readwrite` and `write`. This property cannot be changed, doing so forces recreation of the resource.","description_kind":"plain","required":true},"project":{"type":"string","description":"Identifies the project this resource belongs to. To set up proper dependencies please refer to this variable as a reference. This property cannot be changed, doing so forces recreation of the resource.","description_kind":"plain","required":true},"service_name":{"type":"string","description":"Specifies the name of the service that this resource belongs to. To set up proper dependencies please refer to this variable as a reference. This property cannot be changed, doing so forces recreation of the resource.","description_kind":"plain","required":true},"topic":{"type":"string","description":"Topic name pattern for the ACL entry. This property cannot be changed, doing so forces recreation of the resource.","description_kind":"plain","required":true},"username":{"type":"string","description":"Username pattern for the ACL entry. This property cannot be changed, doing so forces recreation of the resource.","description_kind":"plain","required":true}},"description":"The Data Source Kafka ACL data source provides information about the existing Aiven Kafka ACL for a Kafka service.","description_kind":"plain"}},"aiven_kafka_connect":{"version":0,"block":{"attributes":{"cloud_name":{"type":"string","description":"Defines where the cloud provider and region where the service is hosted in. This can be changed freely after service is created. Changing the value will trigger a potentially lengthy migration process for the service. Format is cloud provider name (`aws`, `azure`, `do` `google`, `upcloud`, etc.), dash, and the cloud provider specific region name. These are documented on each Cloud provider's own support articles, like [here for Google](https://cloud.google.com/compute/docs/regions-zones/) and [here for AWS](https://docs.aws.amazon.com/AmazonRDS/latest/UserGuide/Concepts.RegionsAndAvailabilityZones.html).","description_kind":"plain","computed":true},"components":{"type":["list",["object",{"component":"string","host":"string","kafka_authentication_method":"string","port":"number","route":"string","ssl":"bool","usage":"string"}]],"description":"Service component information objects","description_kind":"plain","computed":true},"id":{"type":"string","description_kind":"plain","optional":true,"computed":true},"kafka_connect":{"type":["list",["object",{}]],"description":"Kafka Connect server provided values","description_kind":"plain","computed":true},"kafka_connect_user_config":{"type":["list",["object",{"ip_filter":["list","string"],"kafka_connect":["list",["object",{"connector_client_config_override_policy":"string","consumer_auto_offset_reset":"string","consumer_fetch_max_bytes":"string","consumer_isolation_level":"string","consumer_max_partition_fetch_bytes":"string","consumer_max_poll_interval_ms":"string","consumer_max_poll_records":"string","offset_flush_interval_ms":"string","offset_flush_timeout_ms":"string","producer_max_request_size":"string","session_timeout_ms":"string"}]],"private_access":["list",["object",{"kafka_connect":"string","prometheus":"string"}]],"privatelink_access":["list",["object",{"kafka_connect":"string"}]],"public_access":["list",["object",{"kafka_connect":"string","prometheus":"string"}]],"static_ips":"string"}]],"description":"Kafka_connect user configurable settings","description_kind":"plain","computed":true},"maintenance_window_dow":{"type":"string","description":"Day of week when maintenance operations should be performed. One monday, tuesday, wednesday, etc.","description_kind":"plain","computed":true},"maintenance_window_time":{"type":"string","description":"Time of day when maintenance operations should be performed. UTC time in HH:mm:ss format.","description_kind":"plain","computed":true},"plan":{"type":"string","description":"Defines what kind of computing resources are allocated for the service. It can be changed after creation, though there are some restrictions when going to a smaller plan such as the new plan must have sufficient amount of disk space to store all current data and switching to a plan with fewer nodes might not be supported. The basic plan names are `hobbyist`, `startup-x`, `business-x` and `premium-x` where `x` is (roughly) the amount of memory on each node (also other attributes like number of CPUs and amount of disk space varies but naming is based on memory). The available options can be seem from the [Aiven pricing page](https://aiven.io/pricing).","description_kind":"plain","computed":true},"project":{"type":"string","description":"Identifies the project this resource belongs to. To set up proper dependencies please refer to this variable as a reference. This property cannot be changed, doing so forces recreation of the resource.","description_kind":"plain","required":true},"project_vpc_id":{"type":"string","description":"Specifies the VPC the service should run in. If the value is not set the service is not run inside a VPC. When set, the value should be given as a reference to set up dependencies correctly and the VPC must be in the same cloud and region as the service itself. Project can be freely moved to and from VPC after creation but doing so triggers migration to new servers so the operation can take significant amount of time to complete if the service has a lot of data.","description_kind":"plain","computed":true},"service_host":{"type":"string","description":"The hostname of the service.","description_kind":"plain","computed":true},"service_integrations":{"type":["list",["object",{"integration_type":"string","source_service_name":"string"}]],"description":"Service integrations to specify when creating a service. Not applied after initial service creation","description_kind":"plain","computed":true},"service_name":{"type":"string","description":"Specifies the actual name of the service. The name cannot be changed later without destroying and re-creating the service so name should be picked based on intended service usage rather than current attributes.","description_kind":"plain","required":true},"service_password":{"type":"string","description":"Password used for connecting to the service, if applicable","description_kind":"plain","computed":true,"sensitive":true},"service_port":{"type":"number","description":"The port of the service","description_kind":"plain","computed":true},"service_type":{"type":"string","description":"Aiven internal service type code","description_kind":"plain","computed":true},"service_uri":{"type":"string","description":"URI for connecting to the service. Service specific info is under \"kafka\", \"pg\", etc.","description_kind":"plain","computed":true,"sensitive":true},"service_username":{"type":"string","description":"Username used for connecting to the service, if applicable","description_kind":"plain","computed":true},"state":{"type":"string","description":"Service state. One of `POWEROFF`, `REBALANCING`, `REBUILDING` or `RUNNING`.","description_kind":"plain","computed":true},"termination_protection":{"type":"bool","description":"Prevents the service from being deleted. It is recommended to set this to `true` for all production services to prevent unintentional service deletion. This does not shield against deleting databases or topics but for services with backups much of the content can at least be restored from backup in case accidental deletion is done.","description_kind":"plain","computed":true}},"description":"The Kafka Connect data source provides information about the existing Aiven Kafka Connect service.","description_kind":"plain"}},"aiven_kafka_connector":{"version":0,"block":{"attributes":{"config":{"type":["map","string"],"description":"The Kafka Connector configuration parameters.","description_kind":"plain","computed":true},"connector_name":{"type":"string","description":"The kafka connector name. This property cannot be changed, doing so forces recreation of the resource.","description_kind":"plain","required":true},"id":{"type":"string","description_kind":"plain","optional":true,"computed":true},"plugin_author":{"type":"string","description":"The Kafka connector author.","description_kind":"plain","computed":true},"plugin_class":{"type":"string","description":"The Kafka connector Java class.","description_kind":"plain","computed":true},"plugin_doc_url":{"type":"string","description":"The Kafka connector documentation URL.","description_kind":"plain","computed":true},"plugin_title":{"type":"string","description":"The Kafka connector title.","description_kind":"plain","computed":true},"plugin_type":{"type":"string","description":"The Kafka connector type.","description_kind":"plain","computed":true},"plugin_version":{"type":"string","description":"The version of the kafka connector.","description_kind":"plain","computed":true},"project":{"type":"string","description":"Identifies the project this resource belongs to. To set up proper dependencies please refer to this variable as a reference. This property cannot be changed, doing so forces recreation of the resource.","description_kind":"plain","required":true},"service_name":{"type":"string","description":"Specifies the name of the service that this resource belongs to. To set up proper dependencies please refer to this variable as a reference. This property cannot be changed, doing so forces recreation of the resource.","description_kind":"plain","required":true},"task":{"type":["set",["object",{"connector":"string","task":"number"}]],"description":"List of tasks of a connector.","description_kind":"plain","computed":true}},"description":"The Kafka connector data source provides information about the existing Aiven Kafka connector.","description_kind":"plain"}},"aiven_kafka_mirrormaker":{"version":0,"block":{"attributes":{"cloud_name":{"type":"string","description":"Defines where the cloud provider and region where the service is hosted in. This can be changed freely after service is created. Changing the value will trigger a potentially lengthy migration process for the service. Format is cloud provider name (`aws`, `azure`, `do` `google`, `upcloud`, etc.), dash, and the cloud provider specific region name. These are documented on each Cloud provider's own support articles, like [here for Google](https://cloud.google.com/compute/docs/regions-zones/) and [here for AWS](https://docs.aws.amazon.com/AmazonRDS/latest/UserGuide/Concepts.RegionsAndAvailabilityZones.html).","description_kind":"plain","computed":true},"components":{"type":["list",["object",{"component":"string","host":"string","kafka_authentication_method":"string","port":"number","route":"string","ssl":"bool","usage":"string"}]],"description":"Service component information objects","description_kind":"plain","computed":true},"id":{"type":"string","description_kind":"plain","optional":true,"computed":true},"kafka_mirrormaker":{"type":["list",["object",{}]],"description":"Kafka MirrorMaker 2 server provided values","description_kind":"plain","computed":true},"kafka_mirrormaker_user_config":{"type":["list",["object",{"ip_filter":["list","string"],"kafka_mirrormaker":["list",["object",{"emit_checkpoints_enabled":"string","emit_checkpoints_interval_seconds":"string","refresh_groups_enabled":"string","refresh_groups_interval_seconds":"string","refresh_topics_enabled":"string","refresh_topics_interval_seconds":"string","sync_group_offsets_enabled":"string","sync_group_offsets_interval_seconds":"string","sync_topic_configs_enabled":"string","tasks_max_per_cpu":"string"}]],"static_ips":"string"}]],"description":"Kafka_mirrormaker user configurable settings","description_kind":"plain","computed":true},"maintenance_window_dow":{"type":"string","description":"Day of week when maintenance operations should be performed. One monday, tuesday, wednesday, etc.","description_kind":"plain","computed":true},"maintenance_window_time":{"type":"string","description":"Time of day when maintenance operations should be performed. UTC time in HH:mm:ss format.","description_kind":"plain","computed":true},"plan":{"type":"string","description":"Defines what kind of computing resources are allocated for the service. It can be changed after creation, though there are some restrictions when going to a smaller plan such as the new plan must have sufficient amount of disk space to store all current data and switching to a plan with fewer nodes might not be supported. The basic plan names are `hobbyist`, `startup-x`, `business-x` and `premium-x` where `x` is (roughly) the amount of memory on each node (also other attributes like number of CPUs and amount of disk space varies but naming is based on memory). The available options can be seem from the [Aiven pricing page](https://aiven.io/pricing).","description_kind":"plain","computed":true},"project":{"type":"string","description":"Identifies the project this resource belongs to. To set up proper dependencies please refer to this variable as a reference. This property cannot be changed, doing so forces recreation of the resource.","description_kind":"plain","required":true},"project_vpc_id":{"type":"string","description":"Specifies the VPC the service should run in. If the value is not set the service is not run inside a VPC. When set, the value should be given as a reference to set up dependencies correctly and the VPC must be in the same cloud and region as the service itself. Project can be freely moved to and from VPC after creation but doing so triggers migration to new servers so the operation can take significant amount of time to complete if the service has a lot of data.","description_kind":"plain","computed":true},"service_host":{"type":"string","description":"The hostname of the service.","description_kind":"plain","computed":true},"service_integrations":{"type":["list",["object",{"integration_type":"string","source_service_name":"string"}]],"description":"Service integrations to specify when creating a service. Not applied after initial service creation","description_kind":"plain","computed":true},"service_name":{"type":"string","description":"Specifies the actual name of the service. The name cannot be changed later without destroying and re-creating the service so name should be picked based on intended service usage rather than current attributes.","description_kind":"plain","required":true},"service_password":{"type":"string","description":"Password used for connecting to the service, if applicable","description_kind":"plain","computed":true,"sensitive":true},"service_port":{"type":"number","description":"The port of the service","description_kind":"plain","computed":true},"service_type":{"type":"string","description":"Aiven internal service type code","description_kind":"plain","computed":true},"service_uri":{"type":"string","description":"URI for connecting to the service. Service specific info is under \"kafka\", \"pg\", etc.","description_kind":"plain","computed":true,"sensitive":true},"service_username":{"type":"string","description":"Username used for connecting to the service, if applicable","description_kind":"plain","computed":true},"state":{"type":"string","description":"Service state. One of `POWEROFF`, `REBALANCING`, `REBUILDING` or `RUNNING`.","description_kind":"plain","computed":true},"termination_protection":{"type":"bool","description":"Prevents the service from being deleted. It is recommended to set this to `true` for all production services to prevent unintentional service deletion. This does not shield against deleting databases or topics but for services with backups much of the content can at least be restored from backup in case accidental deletion is done.","description_kind":"plain","computed":true}},"description":"The Kafka MirrorMaker data source provides information about the existing Aiven Kafka MirrorMaker 2 service.","description_kind":"plain"}},"aiven_kafka_schema":{"version":0,"block":{"attributes":{"compatibility_level":{"type":"string","description":"Kafka Schemas compatibility level. The possible values are `BACKWARD`, `BACKWARD_TRANSITIVE`, `FORWARD`, `FORWARD_TRANSITIVE`, `FULL`, `FULL_TRANSITIVE` and `NONE`.","description_kind":"plain","computed":true},"id":{"type":"string","description_kind":"plain","optional":true,"computed":true},"project":{"type":"string","description":"Identifies the project this resource belongs to. To set up proper dependencies please refer to this variable as a reference. This property cannot be changed, doing so forces recreation of the resource.","description_kind":"plain","required":true},"schema":{"type":"string","description":"Kafka Schema configuration should be a valid Avro Schema JSON format.","description_kind":"plain","computed":true},"service_name":{"type":"string","description":"Specifies the name of the service that this resource belongs to. To set up proper dependencies please refer to this variable as a reference. This property cannot be changed, doing so forces recreation of the resource.","description_kind":"plain","required":true},"subject_name":{"type":"string","description":"The Kafka Schema Subject name. This property cannot be changed, doing so forces recreation of the resource.","description_kind":"plain","required":true},"version":{"type":"number","description":"Kafka Schema configuration version.","description_kind":"plain","computed":true}},"description":"The Kafka Schema data source provides information about the existing Aiven Kafka Schema.","description_kind":"plain"}},"aiven_kafka_schema_configuration":{"version":0,"block":{"attributes":{"compatibility_level":{"type":"string","description":"Kafka Schemas compatibility level. The possible values are `BACKWARD`, `BACKWARD_TRANSITIVE`, `FORWARD`, `FORWARD_TRANSITIVE`, `FULL`, `FULL_TRANSITIVE` and `NONE`.","description_kind":"plain","computed":true},"id":{"type":"string","description_kind":"plain","optional":true,"computed":true},"project":{"type":"string","description":"Identifies the project this resource belongs to. To set up proper dependencies please refer to this variable as a reference. This property cannot be changed, doing so forces recreation of the resource.","description_kind":"plain","required":true},"schema":{"type":"string","description":"Kafka Schema configuration should be a valid Avro Schema JSON format.","description_kind":"plain","computed":true},"service_name":{"type":"string","description":"Specifies the name of the service that this resource belongs to. To set up proper dependencies please refer to this variable as a reference. This property cannot be changed, doing so forces recreation of the resource.","description_kind":"plain","required":true},"subject_name":{"type":"string","description":"The Kafka Schema Subject name. This property cannot be changed, doing so forces recreation of the resource.","description_kind":"plain","computed":true},"version":{"type":"number","description":"Kafka Schema configuration version.","description_kind":"plain","computed":true}},"description":"The Kafka Schema Configuration data source provides information about the existing Aiven Kafka Schema Configuration.","description_kind":"plain"}},"aiven_kafka_topic":{"version":0,"block":{"attributes":{"cleanup_policy":{"type":"string","description":"**DEPRECATED use config.cleanup_policy instead** Topic cleanup policy. The possible values are `delete` and `compact`.","description_kind":"plain","computed":true},"config":{"type":["list",["object",{"cleanup_policy":"string","compression_type":"string","delete_retention_ms":"string","file_delete_delay_ms":"string","flush_messages":"string","flush_ms":"string","index_interval_bytes":"string","max_compaction_lag_ms":"string","max_message_bytes":"string","message_downconversion_enable":"string","message_format_version":"string","message_timestamp_difference_max_ms":"string","message_timestamp_type":"string","min_cleanable_dirty_ratio":"string","min_compaction_lag_ms":"string","min_insync_replicas":"string","preallocate":"string","retention_bytes":"string","retention_ms":"string","segment_bytes":"string","segment_index_bytes":"string","segment_jitter_ms":"string","segment_ms":"string","unclean_leader_election_enable":"string"}]],"description":"Kafka topic configuration","description_kind":"plain","computed":true},"id":{"type":"string","description_kind":"plain","optional":true,"computed":true},"minimum_in_sync_replicas":{"type":"number","description":"**DEPRECATED use config.min_insync_replicas instead** Minimum required nodes in-sync replicas (ISR) to produce to a partition.","description_kind":"plain","computed":true},"partitions":{"type":"number","description":"The number of partitions to create in the topic.","description_kind":"plain","computed":true},"project":{"type":"string","description":"Identifies the project this resource belongs to. To set up proper dependencies please refer to this variable as a reference. This property cannot be changed, doing so forces recreation of the resource.","description_kind":"plain","required":true},"replication":{"type":"number","description":"The replication factor for the topic.","description_kind":"plain","computed":true},"retention_bytes":{"type":"number","description":"**DEPRECATED use config.retention_bytes instead** Retention bytes.","description_kind":"plain","computed":true},"retention_hours":{"type":"number","description":"**DEPRECATED use config.retention_ms instead** Retention period (hours).","description_kind":"plain","computed":true},"service_name":{"type":"string","description":"Specifies the name of the service that this resource belongs to. To set up proper dependencies please refer to this variable as a reference. This property cannot be changed, doing so forces recreation of the resource.","description_kind":"plain","required":true},"tag":{"type":["set",["object",{"key":"string","value":"string"}]],"description":"Kafka Topic tag.","description_kind":"plain","computed":true},"termination_protection":{"type":"bool","description":"It is a Terraform client-side deletion protection, which prevents a Kafka topic from being deleted. It is recommended to enable this for any production Kafka topic containing critical data.","description_kind":"plain","computed":true},"topic_name":{"type":"string","description":"The name of the topic. This property cannot be changed, doing so forces recreation of the resource.","description_kind":"plain","required":true}},"description":"The Kafka Topic data source provides information about the existing Aiven Kafka Topic.","description_kind":"plain"}},"aiven_m3aggregator":{"version":0,"block":{"attributes":{"cloud_name":{"type":"string","description":"Defines where the cloud provider and region where the service is hosted in. This can be changed freely after service is created. Changing the value will trigger a potentially lengthy migration process for the service. Format is cloud provider name (`aws`, `azure`, `do` `google`, `upcloud`, etc.), dash, and the cloud provider specific region name. These are documented on each Cloud provider's own support articles, like [here for Google](https://cloud.google.com/compute/docs/regions-zones/) and [here for AWS](https://docs.aws.amazon.com/AmazonRDS/latest/UserGuide/Concepts.RegionsAndAvailabilityZones.html).","description_kind":"plain","computed":true},"components":{"type":["list",["object",{"component":"string","host":"string","kafka_authentication_method":"string","port":"number","route":"string","ssl":"bool","usage":"string"}]],"description":"Service component information objects","description_kind":"plain","computed":true},"id":{"type":"string","description_kind":"plain","optional":true,"computed":true},"m3aggregator":{"type":["list",["object",{}]],"description":"M3 aggregator specific server provided values","description_kind":"plain","computed":true},"m3aggregator_user_config":{"type":["list",["object",{"custom_domain":"string","ip_filter":["list","string"],"m3_version":"string","m3aggregator_version":"string","static_ips":"string"}]],"description":"M3aggregator user configurable settings","description_kind":"plain","computed":true},"maintenance_window_dow":{"type":"string","description":"Day of week when maintenance operations should be performed. One monday, tuesday, wednesday, etc.","description_kind":"plain","computed":true},"maintenance_window_time":{"type":"string","description":"Time of day when maintenance operations should be performed. UTC time in HH:mm:ss format.","description_kind":"plain","computed":true},"plan":{"type":"string","description":"Defines what kind of computing resources are allocated for the service. It can be changed after creation, though there are some restrictions when going to a smaller plan such as the new plan must have sufficient amount of disk space to store all current data and switching to a plan with fewer nodes might not be supported. The basic plan names are `hobbyist`, `startup-x`, `business-x` and `premium-x` where `x` is (roughly) the amount of memory on each node (also other attributes like number of CPUs and amount of disk space varies but naming is based on memory). The available options can be seem from the [Aiven pricing page](https://aiven.io/pricing).","description_kind":"plain","computed":true},"project":{"type":"string","description":"Identifies the project this resource belongs to. To set up proper dependencies please refer to this variable as a reference. This property cannot be changed, doing so forces recreation of the resource.","description_kind":"plain","required":true},"project_vpc_id":{"type":"string","description":"Specifies the VPC the service should run in. If the value is not set the service is not run inside a VPC. When set, the value should be given as a reference to set up dependencies correctly and the VPC must be in the same cloud and region as the service itself. Project can be freely moved to and from VPC after creation but doing so triggers migration to new servers so the operation can take significant amount of time to complete if the service has a lot of data.","description_kind":"plain","computed":true},"service_host":{"type":"string","description":"The hostname of the service.","description_kind":"plain","computed":true},"service_integrations":{"type":["list",["object",{"integration_type":"string","source_service_name":"string"}]],"description":"Service integrations to specify when creating a service. Not applied after initial service creation","description_kind":"plain","computed":true},"service_name":{"type":"string","description":"Specifies the actual name of the service. The name cannot be changed later without destroying and re-creating the service so name should be picked based on intended service usage rather than current attributes.","description_kind":"plain","required":true},"service_password":{"type":"string","description":"Password used for connecting to the service, if applicable","description_kind":"plain","computed":true,"sensitive":true},"service_port":{"type":"number","description":"The port of the service","description_kind":"plain","computed":true},"service_type":{"type":"string","description":"Aiven internal service type code","description_kind":"plain","computed":true},"service_uri":{"type":"string","description":"URI for connecting to the service. Service specific info is under \"kafka\", \"pg\", etc.","description_kind":"plain","computed":true,"sensitive":true},"service_username":{"type":"string","description":"Username used for connecting to the service, if applicable","description_kind":"plain","computed":true},"state":{"type":"string","description":"Service state. One of `POWEROFF`, `REBALANCING`, `REBUILDING` or `RUNNING`.","description_kind":"plain","computed":true},"termination_protection":{"type":"bool","description":"Prevents the service from being deleted. It is recommended to set this to `true` for all production services to prevent unintentional service deletion. This does not shield against deleting databases or topics but for services with backups much of the content can at least be restored from backup in case accidental deletion is done.","description_kind":"plain","computed":true}},"description":"The M3 Aggregator data source provides information about the existing Aiven M3 Aggregator.","description_kind":"plain"}},"aiven_m3db":{"version":0,"block":{"attributes":{"cloud_name":{"type":"string","description":"Defines where the cloud provider and region where the service is hosted in. This can be changed freely after service is created. Changing the value will trigger a potentially lengthy migration process for the service. Format is cloud provider name (`aws`, `azure`, `do` `google`, `upcloud`, etc.), dash, and the cloud provider specific region name. These are documented on each Cloud provider's own support articles, like [here for Google](https://cloud.google.com/compute/docs/regions-zones/) and [here for AWS](https://docs.aws.amazon.com/AmazonRDS/latest/UserGuide/Concepts.RegionsAndAvailabilityZones.html).","description_kind":"plain","computed":true},"components":{"type":["list",["object",{"component":"string","host":"string","kafka_authentication_method":"string","port":"number","route":"string","ssl":"bool","usage":"string"}]],"description":"Service component information objects","description_kind":"plain","computed":true},"id":{"type":"string","description_kind":"plain","optional":true,"computed":true},"m3db":{"type":["list",["object",{}]],"description":"M3 specific server provided values","description_kind":"plain","computed":true},"m3db_user_config":{"type":["list",["object",{"custom_domain":"string","ip_filter":["list","string"],"limits":["list",["object",{"global_datapoints":"string","query_datapoints":"string","query_require_exhaustive":"string","query_series":"string"}]],"m3_version":"string","m3coordinator_enable_graphite_carbon_ingest":"string","m3db_version":"string","namespaces":["list",["object",{"name":"string","options":["list",["object",{"retention_options":["list",["object",{"block_data_expiry_duration":"string","blocksize_duration":"string","buffer_future_duration":"string","buffer_past_duration":"string","retention_period_duration":"string"}]],"snapshot_enabled":"string","writes_to_commitlog":"string"}]],"resolution":"string","type":"string"}]],"private_access":["list",["object",{"m3coordinator":"string"}]],"project_to_fork_from":"string","public_access":["list",["object",{"m3coordinator":"string"}]],"rules":["list",["object",{"mapping":["list",["object",{"aggregations":["list","string"],"drop":"string","filter":"string","name":"string","namespaces":["list","string"],"tags":["list",["object",{"name":"string","value":"string"}]]}]]}]],"service_to_fork_from":"string","static_ips":"string"}]],"description":"M3db user configurable settings","description_kind":"plain","computed":true},"maintenance_window_dow":{"type":"string","description":"Day of week when maintenance operations should be performed. One monday, tuesday, wednesday, etc.","description_kind":"plain","computed":true},"maintenance_window_time":{"type":"string","description":"Time of day when maintenance operations should be performed. UTC time in HH:mm:ss format.","description_kind":"plain","computed":true},"plan":{"type":"string","description":"Defines what kind of computing resources are allocated for the service. It can be changed after creation, though there are some restrictions when going to a smaller plan such as the new plan must have sufficient amount of disk space to store all current data and switching to a plan with fewer nodes might not be supported. The basic plan names are `hobbyist`, `startup-x`, `business-x` and `premium-x` where `x` is (roughly) the amount of memory on each node (also other attributes like number of CPUs and amount of disk space varies but naming is based on memory). The available options can be seem from the [Aiven pricing page](https://aiven.io/pricing).","description_kind":"plain","computed":true},"project":{"type":"string","description":"Identifies the project this resource belongs to. To set up proper dependencies please refer to this variable as a reference. This property cannot be changed, doing so forces recreation of the resource.","description_kind":"plain","required":true},"project_vpc_id":{"type":"string","description":"Specifies the VPC the service should run in. If the value is not set the service is not run inside a VPC. When set, the value should be given as a reference to set up dependencies correctly and the VPC must be in the same cloud and region as the service itself. Project can be freely moved to and from VPC after creation but doing so triggers migration to new servers so the operation can take significant amount of time to complete if the service has a lot of data.","description_kind":"plain","computed":true},"service_host":{"type":"string","description":"The hostname of the service.","description_kind":"plain","computed":true},"service_integrations":{"type":["list",["object",{"integration_type":"string","source_service_name":"string"}]],"description":"Service integrations to specify when creating a service. Not applied after initial service creation","description_kind":"plain","computed":true},"service_name":{"type":"string","description":"Specifies the actual name of the service. The name cannot be changed later without destroying and re-creating the service so name should be picked based on intended service usage rather than current attributes.","description_kind":"plain","required":true},"service_password":{"type":"string","description":"Password used for connecting to the service, if applicable","description_kind":"plain","computed":true,"sensitive":true},"service_port":{"type":"number","description":"The port of the service","description_kind":"plain","computed":true},"service_type":{"type":"string","description":"Aiven internal service type code","description_kind":"plain","computed":true},"service_uri":{"type":"string","description":"URI for connecting to the service. Service specific info is under \"kafka\", \"pg\", etc.","description_kind":"plain","computed":true,"sensitive":true},"service_username":{"type":"string","description":"Username used for connecting to the service, if applicable","description_kind":"plain","computed":true},"state":{"type":"string","description":"Service state. One of `POWEROFF`, `REBALANCING`, `REBUILDING` or `RUNNING`.","description_kind":"plain","computed":true},"termination_protection":{"type":"bool","description":"Prevents the service from being deleted. It is recommended to set this to `true` for all production services to prevent unintentional service deletion. This does not shield against deleting databases or topics but for services with backups much of the content can at least be restored from backup in case accidental deletion is done.","description_kind":"plain","computed":true}},"description":"The M3 DB data source provides information about the existing Aiven M3 services.","description_kind":"plain"}},"aiven_mirrormaker_replication_flow":{"version":0,"block":{"attributes":{"emit_heartbeats_enabled":{"type":"bool","description":"Emit heartbeats enabled. The default value is `false`.","description_kind":"plain","computed":true},"enable":{"type":"bool","description":"Enable of disable replication flows for a service.","description_kind":"plain","computed":true},"id":{"type":"string","description_kind":"plain","optional":true,"computed":true},"project":{"type":"string","description":"Identifies the project this resource belongs to. To set up proper dependencies please refer to this variable as a reference. This property cannot be changed, doing so forces recreation of the resource.","description_kind":"plain","required":true},"replication_policy_class":{"type":"string","description":"Replication policy class. The possible values are `org.apache.kafka.connect.mirror.DefaultReplicationPolicy` and `org.apache.kafka.connect.mirror.IdentityReplicationPolicy`. The default value is `org.apache.kafka.connect.mirror.DefaultReplicationPolicy`.","description_kind":"plain","computed":true},"service_name":{"type":"string","description":"Identifies the project this resource belongs to. To set up proper dependencies please refer to this variable as a reference. This property cannot be changed, doing so forces recreation of the resource.","description_kind":"plain","required":true},"source_cluster":{"type":"string","description":"Source cluster alias. Maximum Length: `128`.","description_kind":"plain","required":true},"sync_group_offsets_enabled":{"type":"bool","description":"Sync consumer group offsets. The default value is `false`.","description_kind":"plain","computed":true},"sync_group_offsets_interval_seconds":{"type":"number","description":"Frequency of consumer group offset sync. The default value is `1`.","description_kind":"plain","computed":true},"target_cluster":{"type":"string","description":"Target cluster alias. Maximum Length: `128`.","description_kind":"plain","required":true},"topics":{"type":["list","string"],"description":"List of topics and/or regular expressions to replicate","description_kind":"plain","computed":true},"topics_blacklist":{"type":["list","string"],"description":"List of topics and/or regular expressions to not replicate.","description_kind":"plain","computed":true}},"description":"The MirrorMaker 2 Replication Flow data source provides information about the existing MirrorMaker 2 Replication Flow on Aiven Cloud.","description_kind":"plain"}},"aiven_mysql":{"version":0,"block":{"attributes":{"cloud_name":{"type":"string","description":"Defines where the cloud provider and region where the service is hosted in. This can be changed freely after service is created. Changing the value will trigger a potentially lengthy migration process for the service. Format is cloud provider name (`aws`, `azure`, `do` `google`, `upcloud`, etc.), dash, and the cloud provider specific region name. These are documented on each Cloud provider's own support articles, like [here for Google](https://cloud.google.com/compute/docs/regions-zones/) and [here for AWS](https://docs.aws.amazon.com/AmazonRDS/latest/UserGuide/Concepts.RegionsAndAvailabilityZones.html).","description_kind":"plain","computed":true},"components":{"type":["list",["object",{"component":"string","host":"string","kafka_authentication_method":"string","port":"number","route":"string","ssl":"bool","usage":"string"}]],"description":"Service component information objects","description_kind":"plain","computed":true},"id":{"type":"string","description_kind":"plain","optional":true,"computed":true},"maintenance_window_dow":{"type":"string","description":"Day of week when maintenance operations should be performed. One monday, tuesday, wednesday, etc.","description_kind":"plain","computed":true},"maintenance_window_time":{"type":"string","description":"Time of day when maintenance operations should be performed. UTC time in HH:mm:ss format.","description_kind":"plain","computed":true},"mysql":{"type":["list",["object",{}]],"description":"MySQL specific server provided values","description_kind":"plain","computed":true},"mysql_user_config":{"type":["list",["object",{"admin_password":"string","admin_username":"string","backup_hour":"string","backup_minute":"string","binlog_retention_period":"string","ip_filter":["list","string"],"migration":["list",["object",{"dbname":"string","host":"string","ignore_dbs":"string","password":"string","port":"string","ssl":"string","username":"string"}]],"mysql":["list",["object",{"connect_timeout":"string","default_time_zone":"string","group_concat_max_len":"string","information_schema_stats_expiry":"string","innodb_ft_min_token_size":"string","innodb_ft_server_stopword_table":"string","innodb_lock_wait_timeout":"string","innodb_log_buffer_size":"string","innodb_online_alter_log_max_size":"string","innodb_print_all_deadlocks":"string","innodb_rollback_on_timeout":"string","interactive_timeout":"string","internal_tmp_mem_storage_engine":"string","long_query_time":"string","max_allowed_packet":"string","max_heap_table_size":"string","net_read_timeout":"string","net_write_timeout":"string","slow_query_log":"string","sort_buffer_size":"string","sql_mode":"string","sql_require_primary_key":"string","tmp_table_size":"string","wait_timeout":"string"}]],"mysql_version":"string","private_access":["list",["object",{"mysql":"string","mysqlx":"string","prometheus":"string"}]],"privatelink_access":["list",["object",{"mysql":"string","mysqlx":"string"}]],"project_to_fork_from":"string","public_access":["list",["object",{"mysql":"string","mysqlx":"string","prometheus":"string"}]],"recovery_target_time":"string","service_to_fork_from":"string","static_ips":"string"}]],"description":"Mysql user configurable settings","description_kind":"plain","computed":true},"plan":{"type":"string","description":"Defines what kind of computing resources are allocated for the service. It can be changed after creation, though there are some restrictions when going to a smaller plan such as the new plan must have sufficient amount of disk space to store all current data and switching to a plan with fewer nodes might not be supported. The basic plan names are `hobbyist`, `startup-x`, `business-x` and `premium-x` where `x` is (roughly) the amount of memory on each node (also other attributes like number of CPUs and amount of disk space varies but naming is based on memory). The available options can be seem from the [Aiven pricing page](https://aiven.io/pricing).","description_kind":"plain","computed":true},"project":{"type":"string","description":"Identifies the project this resource belongs to. To set up proper dependencies please refer to this variable as a reference. This property cannot be changed, doing so forces recreation of the resource.","description_kind":"plain","required":true},"project_vpc_id":{"type":"string","description":"Specifies the VPC the service should run in. If the value is not set the service is not run inside a VPC. When set, the value should be given as a reference to set up dependencies correctly and the VPC must be in the same cloud and region as the service itself. Project can be freely moved to and from VPC after creation but doing so triggers migration to new servers so the operation can take significant amount of time to complete if the service has a lot of data.","description_kind":"plain","computed":true},"service_host":{"type":"string","description":"The hostname of the service.","description_kind":"plain","computed":true},"service_integrations":{"type":["list",["object",{"integration_type":"string","source_service_name":"string"}]],"description":"Service integrations to specify when creating a service. Not applied after initial service creation","description_kind":"plain","computed":true},"service_name":{"type":"string","description":"Specifies the actual name of the service. The name cannot be changed later without destroying and re-creating the service so name should be picked based on intended service usage rather than current attributes.","description_kind":"plain","required":true},"service_password":{"type":"string","description":"Password used for connecting to the service, if applicable","description_kind":"plain","computed":true,"sensitive":true},"service_port":{"type":"number","description":"The port of the service","description_kind":"plain","computed":true},"service_type":{"type":"string","description":"Aiven internal service type code","description_kind":"plain","computed":true},"service_uri":{"type":"string","description":"URI for connecting to the service. Service specific info is under \"kafka\", \"pg\", etc.","description_kind":"plain","computed":true,"sensitive":true},"service_username":{"type":"string","description":"Username used for connecting to the service, if applicable","description_kind":"plain","computed":true},"state":{"type":"string","description":"Service state. One of `POWEROFF`, `REBALANCING`, `REBUILDING` or `RUNNING`.","description_kind":"plain","computed":true},"termination_protection":{"type":"bool","description":"Prevents the service from being deleted. It is recommended to set this to `true` for all production services to prevent unintentional service deletion. This does not shield against deleting databases or topics but for services with backups much of the content can at least be restored from backup in case accidental deletion is done.","description_kind":"plain","computed":true}},"description":"The MySQL data source provides information about the existing Aiven MySQL service.","description_kind":"plain"}},"aiven_opensearch":{"version":0,"block":{"attributes":{"cloud_name":{"type":"string","description":"Defines where the cloud provider and region where the service is hosted in. This can be changed freely after service is created. Changing the value will trigger a potentially lengthy migration process for the service. Format is cloud provider name (`aws`, `azure`, `do` `google`, `upcloud`, etc.), dash, and the cloud provider specific region name. These are documented on each Cloud provider's own support articles, like [here for Google](https://cloud.google.com/compute/docs/regions-zones/) and [here for AWS](https://docs.aws.amazon.com/AmazonRDS/latest/UserGuide/Concepts.RegionsAndAvailabilityZones.html).","description_kind":"plain","computed":true},"components":{"type":["list",["object",{"component":"string","host":"string","kafka_authentication_method":"string","port":"number","route":"string","ssl":"bool","usage":"string"}]],"description":"Service component information objects","description_kind":"plain","computed":true},"id":{"type":"string","description_kind":"plain","optional":true,"computed":true},"maintenance_window_dow":{"type":"string","description":"Day of week when maintenance operations should be performed. One monday, tuesday, wednesday, etc.","description_kind":"plain","computed":true},"maintenance_window_time":{"type":"string","description":"Time of day when maintenance operations should be performed. UTC time in HH:mm:ss format.","description_kind":"plain","computed":true},"opensearch":{"type":["list",["object",{"opensearch_dashboards_uri":"string"}]],"description":"Opensearch server provided values","description_kind":"plain","computed":true},"opensearch_user_config":{"type":["list",["object",{"custom_domain":"string","disable_replication_factor_adjustment":"string","index_patterns":["list",["object",{"max_index_count":"string","pattern":"string","sorting_algorithm":"string"}]],"index_template":["list",["object",{"mapping_nested_objects_limit":"string","number_of_replicas":"string","number_of_shards":"string"}]],"ip_filter":["list","string"],"keep_index_refresh_interval":"string","max_index_count":"string","opensearch":["list",["object",{"action_auto_create_index_enabled":"string","action_destructive_requires_name":"string","cluster_max_shards_per_node":"string","http_max_content_length":"string","http_max_header_size":"string","http_max_initial_line_length":"string","indices_fielddata_cache_size":"string","indices_memory_index_buffer_size":"string","indices_queries_cache_size":"string","indices_query_bool_max_clause_count":"string","reindex_remote_whitelist":["list","string"],"search_max_buckets":"string","thread_pool_analyze_queue_size":"string","thread_pool_analyze_size":"string","thread_pool_force_merge_size":"string","thread_pool_get_queue_size":"string","thread_pool_get_size":"string","thread_pool_index_size":"string","thread_pool_search_queue_size":"string","thread_pool_search_size":"string","thread_pool_search_throttled_queue_size":"string","thread_pool_search_throttled_size":"string","thread_pool_write_queue_size":"string","thread_pool_write_size":"string"}]],"opensearch_dashboards":["list",["object",{"enabled":"string","max_old_space_size":"string","opensearch_request_timeout":"string"}]],"opensearch_version":"string","private_access":["list",["object",{"opensearch":"string","opensearch_dashboards":"string","prometheus":"string"}]],"privatelink_access":["list",["object",{"opensearch":"string","opensearch_dashboards":"string"}]],"project_to_fork_from":"string","public_access":["list",["object",{"opensearch":"string","opensearch_dashboards":"string","prometheus":"string"}]],"recovery_basebackup_name":"string","service_to_fork_from":"string","static_ips":"string"}]],"description":"Opensearch user configurable settings","description_kind":"plain","computed":true},"plan":{"type":"string","description":"Defines what kind of computing resources are allocated for the service. It can be changed after creation, though there are some restrictions when going to a smaller plan such as the new plan must have sufficient amount of disk space to store all current data and switching to a plan with fewer nodes might not be supported. The basic plan names are `hobbyist`, `startup-x`, `business-x` and `premium-x` where `x` is (roughly) the amount of memory on each node (also other attributes like number of CPUs and amount of disk space varies but naming is based on memory). The available options can be seem from the [Aiven pricing page](https://aiven.io/pricing).","description_kind":"plain","computed":true},"project":{"type":"string","description":"Identifies the project this resource belongs to. To set up proper dependencies please refer to this variable as a reference. This property cannot be changed, doing so forces recreation of the resource.","description_kind":"plain","required":true},"project_vpc_id":{"type":"string","description":"Specifies the VPC the service should run in. If the value is not set the service is not run inside a VPC. When set, the value should be given as a reference to set up dependencies correctly and the VPC must be in the same cloud and region as the service itself. Project can be freely moved to and from VPC after creation but doing so triggers migration to new servers so the operation can take significant amount of time to complete if the service has a lot of data.","description_kind":"plain","computed":true},"service_host":{"type":"string","description":"The hostname of the service.","description_kind":"plain","computed":true},"service_integrations":{"type":["list",["object",{"integration_type":"string","source_service_name":"string"}]],"description":"Service integrations to specify when creating a service. Not applied after initial service creation","description_kind":"plain","computed":true},"service_name":{"type":"string","description":"Specifies the actual name of the service. The name cannot be changed later without destroying and re-creating the service so name should be picked based on intended service usage rather than current attributes.","description_kind":"plain","required":true},"service_password":{"type":"string","description":"Password used for connecting to the service, if applicable","description_kind":"plain","computed":true,"sensitive":true},"service_port":{"type":"number","description":"The port of the service","description_kind":"plain","computed":true},"service_type":{"type":"string","description":"Aiven internal service type code","description_kind":"plain","computed":true},"service_uri":{"type":"string","description":"URI for connecting to the service. Service specific info is under \"kafka\", \"pg\", etc.","description_kind":"plain","computed":true,"sensitive":true},"service_username":{"type":"string","description":"Username used for connecting to the service, if applicable","description_kind":"plain","computed":true},"state":{"type":"string","description":"Service state. One of `POWEROFF`, `REBALANCING`, `REBUILDING` or `RUNNING`.","description_kind":"plain","computed":true},"termination_protection":{"type":"bool","description":"Prevents the service from being deleted. It is recommended to set this to `true` for all production services to prevent unintentional service deletion. This does not shield against deleting databases or topics but for services with backups much of the content can at least be restored from backup in case accidental deletion is done.","description_kind":"plain","computed":true}},"description":"The Opensearch data source provides information about the existing Aiven Opensearch service.","description_kind":"plain"}},"aiven_opensearch_acl_config":{"version":0,"block":{"attributes":{"enabled":{"type":"bool","description":"Enable Opensearch ACLs. When disabled authenticated service users have unrestricted access. The default value is `true`.","description_kind":"plain","computed":true},"extended_acl":{"type":"bool","description":"Index rules can be applied in a limited fashion to the _mget, _msearch and _bulk APIs (and only those) by enabling the ExtendedAcl option for the service. When it is enabled, users can use these APIs as long as all operations only target indexes they have been granted access to. The default value is `true`.","description_kind":"plain","computed":true},"id":{"type":"string","description_kind":"plain","optional":true,"computed":true},"project":{"type":"string","description":"Identifies the project this resource belongs to. To set up proper dependencies please refer to this variable as a reference. This property cannot be changed, doing so forces recreation of the resource.","description_kind":"plain","required":true},"service_name":{"type":"string","description":"Specifies the name of the service that this resource belongs to. To set up proper dependencies please refer to this variable as a reference. This property cannot be changed, doing so forces recreation of the resource.","description_kind":"plain","required":true}},"description":"The Opensearch ACL Config data source provides information about an existing Aiven Opensearch ACL Config.","description_kind":"plain"}},"aiven_opensearch_acl_rule":{"version":0,"block":{"attributes":{"id":{"type":"string","description_kind":"plain","optional":true,"computed":true},"index":{"type":"string","description":"The index pattern for this ACL entry. Maximum Length: `249`. This property cannot be changed, doing so forces recreation of the resource.","description_kind":"plain","required":true},"permission":{"type":"string","description":"The permissions for this ACL entry The possible values are `deny`, `admin`, `read`, `readwrite` and `write`.","description_kind":"plain","required":true},"project":{"type":"string","description":"Identifies the project this resource belongs to. To set up proper dependencies please refer to this variable as a reference. This property cannot be changed, doing so forces recreation of the resource.","description_kind":"plain","required":true},"service_name":{"type":"string","description":"Specifies the name of the service that this resource belongs to. To set up proper dependencies please refer to this variable as a reference. This property cannot be changed, doing so forces recreation of the resource.","description_kind":"plain","required":true},"username":{"type":"string","description":"The username for the ACL entry Maximum Length: `40`. To set up proper dependencies please refer to this variable as a reference. This property cannot be changed, doing so forces recreation of the resource.","description_kind":"plain","required":true}},"description":"The Opensearch ACL Rule data source provides information about an existing Aiven Opensearch ACL Rule.","description_kind":"plain"}},"aiven_pg":{"version":0,"block":{"attributes":{"cloud_name":{"type":"string","description":"Defines where the cloud provider and region where the service is hosted in. This can be changed freely after service is created. Changing the value will trigger a potentially lengthy migration process for the service. Format is cloud provider name (`aws`, `azure`, `do` `google`, `upcloud`, etc.), dash, and the cloud provider specific region name. These are documented on each Cloud provider's own support articles, like [here for Google](https://cloud.google.com/compute/docs/regions-zones/) and [here for AWS](https://docs.aws.amazon.com/AmazonRDS/latest/UserGuide/Concepts.RegionsAndAvailabilityZones.html).","description_kind":"plain","computed":true},"components":{"type":["list",["object",{"component":"string","host":"string","kafka_authentication_method":"string","port":"number","route":"string","ssl":"bool","usage":"string"}]],"description":"Service component information objects","description_kind":"plain","computed":true},"id":{"type":"string","description_kind":"plain","optional":true,"computed":true},"maintenance_window_dow":{"type":"string","description":"Day of week when maintenance operations should be performed. One monday, tuesday, wednesday, etc.","description_kind":"plain","computed":true},"maintenance_window_time":{"type":"string","description":"Time of day when maintenance operations should be performed. UTC time in HH:mm:ss format.","description_kind":"plain","computed":true},"pg":{"type":["list",["object",{"dbname":"string","host":"string","password":"string","port":"number","replica_uri":"string","sslmode":"string","uri":"string","user":"string"}]],"description":"PostgreSQL specific server provided values","description_kind":"plain","computed":true},"pg_user_config":{"type":["list",["object",{"admin_password":"string","admin_username":"string","backup_hour":"string","backup_minute":"string","ip_filter":["list","string"],"migration":["list",["object",{"dbname":"string","host":"string","ignore_dbs":"string","password":"string","port":"string","ssl":"string","username":"string"}]],"pg":["list",["object",{"autovacuum_analyze_scale_factor":"string","autovacuum_analyze_threshold":"string","autovacuum_freeze_max_age":"string","autovacuum_max_workers":"string","autovacuum_naptime":"string","autovacuum_vacuum_cost_delay":"string","autovacuum_vacuum_cost_limit":"string","autovacuum_vacuum_scale_factor":"string","autovacuum_vacuum_threshold":"string","bgwriter_delay":"string","bgwriter_flush_after":"string","bgwriter_lru_maxpages":"string","bgwriter_lru_multiplier":"string","deadlock_timeout":"string","idle_in_transaction_session_timeout":"string","jit":"string","log_autovacuum_min_duration":"string","log_error_verbosity":"string","log_line_prefix":"string","log_min_duration_statement":"string","max_files_per_process":"string","max_locks_per_transaction":"string","max_logical_replication_workers":"string","max_parallel_workers":"string","max_parallel_workers_per_gather":"string","max_pred_locks_per_transaction":"string","max_prepared_transactions":"string","max_replication_slots":"string","max_stack_depth":"string","max_standby_archive_delay":"string","max_standby_streaming_delay":"string","max_wal_senders":"string","max_worker_processes":"string","pg_partman_bgw__dot__interval":"string","pg_partman_bgw__dot__role":"string","pg_stat_statements__dot__track":"string","temp_file_limit":"string","timezone":"string","track_activity_query_size":"string","track_commit_timestamp":"string","track_functions":"string","track_io_timing":"string","wal_sender_timeout":"string","wal_writer_delay":"string"}]],"pg_read_replica":"string","pg_service_to_fork_from":"string","pg_version":"string","pgbouncer":["list",["object",{"autodb_idle_timeout":"string","autodb_max_db_connections":"string","autodb_pool_mode":"string","autodb_pool_size":"string","ignore_startup_parameters":["list","string"],"min_pool_size":"string","server_idle_timeout":"string","server_lifetime":"string","server_reset_query_always":"string"}]],"pglookout":["list",["object",{"max_failover_replication_time_lag":"string"}]],"private_access":["list",["object",{"pg":"string","pgbouncer":"string","prometheus":"string"}]],"privatelink_access":["list",["object",{"pg":"string","pgbouncer":"string"}]],"project_to_fork_from":"string","public_access":["list",["object",{"pg":"string","pgbouncer":"string","prometheus":"string"}]],"recovery_target_time":"string","service_to_fork_from":"string","shared_buffers_percentage":"string","static_ips":"string","synchronous_replication":"string","timescaledb":["list",["object",{"max_background_workers":"string"}]],"variant":"string","work_mem":"string"}]],"description":"Pg user configurable settings","description_kind":"plain","computed":true},"plan":{"type":"string","description":"Defines what kind of computing resources are allocated for the service. It can be changed after creation, though there are some restrictions when going to a smaller plan such as the new plan must have sufficient amount of disk space to store all current data and switching to a plan with fewer nodes might not be supported. The basic plan names are `hobbyist`, `startup-x`, `business-x` and `premium-x` where `x` is (roughly) the amount of memory on each node (also other attributes like number of CPUs and amount of disk space varies but naming is based on memory). The available options can be seem from the [Aiven pricing page](https://aiven.io/pricing).","description_kind":"plain","computed":true},"project":{"type":"string","description":"Identifies the project this resource belongs to. To set up proper dependencies please refer to this variable as a reference. This property cannot be changed, doing so forces recreation of the resource.","description_kind":"plain","required":true},"project_vpc_id":{"type":"string","description":"Specifies the VPC the service should run in. If the value is not set the service is not run inside a VPC. When set, the value should be given as a reference to set up dependencies correctly and the VPC must be in the same cloud and region as the service itself. Project can be freely moved to and from VPC after creation but doing so triggers migration to new servers so the operation can take significant amount of time to complete if the service has a lot of data.","description_kind":"plain","computed":true},"service_host":{"type":"string","description":"The hostname of the service.","description_kind":"plain","computed":true},"service_integrations":{"type":["list",["object",{"integration_type":"string","source_service_name":"string"}]],"description":"Service integrations to specify when creating a service. Not applied after initial service creation","description_kind":"plain","computed":true},"service_name":{"type":"string","description":"Specifies the actual name of the service. The name cannot be changed later without destroying and re-creating the service so name should be picked based on intended service usage rather than current attributes.","description_kind":"plain","required":true},"service_password":{"type":"string","description":"Password used for connecting to the service, if applicable","description_kind":"plain","computed":true,"sensitive":true},"service_port":{"type":"number","description":"The port of the service","description_kind":"plain","computed":true},"service_type":{"type":"string","description":"Aiven internal service type code","description_kind":"plain","computed":true},"service_uri":{"type":"string","description":"URI for connecting to the service. Service specific info is under \"kafka\", \"pg\", etc.","description_kind":"plain","computed":true,"sensitive":true},"service_username":{"type":"string","description":"Username used for connecting to the service, if applicable","description_kind":"plain","computed":true},"state":{"type":"string","description":"Service state. One of `POWEROFF`, `REBALANCING`, `REBUILDING` or `RUNNING`.","description_kind":"plain","computed":true},"termination_protection":{"type":"bool","description":"Prevents the service from being deleted. It is recommended to set this to `true` for all production services to prevent unintentional service deletion. This does not shield against deleting databases or topics but for services with backups much of the content can at least be restored from backup in case accidental deletion is done.","description_kind":"plain","computed":true}},"description":"The PG data source provides information about the existing Aiven PostgreSQL service.","description_kind":"plain"}},"aiven_project":{"version":0,"block":{"attributes":{"account_id":{"type":"string","description":"An optional property to link a project to already an existing account by using account ID. To set up proper dependencies please refer to this variable as a reference.","description_kind":"plain","computed":true},"add_account_owners_admin_access":{"type":"bool","description":"If account_id is set, grant account owner team admin access to the new project. The default value is `true`.","description_kind":"plain","computed":true},"available_credits":{"type":"string","description":"The amount of platform credits available to the project. This could be your free trial or other promotional credits.","description_kind":"plain","computed":true},"billing_address":{"type":"string","description":"**DEPRECATED Please use aiven_billing_group resource to set this value.** Billing name and address of the project.","description_kind":"plain","computed":true},"billing_currency":{"type":"string","description":"**DEPRECATED Please use aiven_billing_group resource to set this value.** Billing currency.","description_kind":"plain","computed":true},"billing_emails":{"type":["set","string"],"description":"**DEPRECATED Please use aiven_billing_group resource to set this value.** Billing contact emails of the project.","description_kind":"plain","computed":true},"billing_extra_text":{"type":"string","description":"**DEPRECATED Please use aiven_billing_group resource to set this value.** Extra text to be included in all project invoices, e.g. purchase order or cost center number.","description_kind":"plain","computed":true},"billing_group":{"type":"string","description":"The id of the billing group that is linked to this project. To set up proper dependencies please refer to this variable as a reference.","description_kind":"plain","computed":true},"ca_cert":{"type":"string","description":"The CA certificate of the project. This is required for configuring clients that connect to certain services like Kafka.","description_kind":"plain","computed":true,"sensitive":true},"card_id":{"type":"string","description":"**DEPRECATED Please use aiven_billing_group resource to set this value.** Either the full card UUID or the last 4 digits of the card. As the full UUID is not shown in the UI it is typically easier to use the last 4 digits to identify the card. This can be omitted if `copy_from_project` is used to copy billing info from another project.","description_kind":"plain","computed":true},"copy_from_project":{"type":"string","description":"is the name of another project used to copy billing information and some other project attributes like technical contacts from. This is mostly relevant when an existing project has billing type set to invoice and that needs to be copied over to a new project. (Setting billing is otherwise not allowed over the API.) This only has effect when the project is created. To set up proper dependencies please refer to this variable as a reference.","description_kind":"plain","computed":true},"country_code":{"type":"string","description":"**DEPRECATED Please use aiven_billing_group resource to set this value.** Billing country code of the project.","description_kind":"plain","computed":true},"default_cloud":{"type":"string","description":"Defines the default cloud provider and region where services are hosted. This can be changed freely after the project is created. This will not affect existing services.","description_kind":"plain","computed":true},"estimated_balance":{"type":"string","description":"The current accumulated bill for this project in the current billing period.","description_kind":"plain","computed":true},"id":{"type":"string","description_kind":"plain","optional":true,"computed":true},"payment_method":{"type":"string","description":"The method of invoicing used for payments for this project, e.g. `card`.","description_kind":"plain","computed":true},"project":{"type":"string","description":"Defines the name of the project. Name must be globally unique (between all Aiven customers) and cannot be changed later without destroying and re-creating the project, including all sub-resources.","description_kind":"plain","required":true},"technical_emails":{"type":["set","string"],"description":"Defines the email addresses that will receive alerts about upcoming maintenance updates or warnings about service instability. It is  good practice to keep this up-to-date to be aware of any potential issues with your project.","description_kind":"plain","computed":true},"use_source_project_billing_group":{"type":"bool","description":"Use the same billing group that is used in source project.","description_kind":"plain","computed":true},"vat_id":{"type":"string","description":"**DEPRECATED Please use aiven_billing_group resource to set this value.** EU VAT Identification Number.","description_kind":"plain","computed":true}},"description":"The Project data source provides information about the existing Aiven Project.","description_kind":"plain"}},"aiven_project_user":{"version":0,"block":{"attributes":{"accepted":{"type":"bool","description":"Whether the user has accepted the request to join the project; adding user to a project sends an invitation to the target user and the actual membership is only created once the user accepts the invitation.","description_kind":"plain","computed":true},"email":{"type":"string","description":"Email address of the user. This property cannot be changed, doing so forces recreation of the resource.","description_kind":"plain","required":true},"id":{"type":"string","description_kind":"plain","optional":true,"computed":true},"member_type":{"type":"string","description":"Project membership type. The possible values are `admin`, `developer` and `operator`.","description_kind":"plain","computed":true},"project":{"type":"string","description":"Identifies the project this resource belongs to. To set up proper dependencies please refer to this variable as a reference. This property cannot be changed, doing so forces recreation of the resource.","description_kind":"plain","required":true}},"description":"The Project User data source provides information about the existing Aiven Project User.","description_kind":"plain"}},"aiven_project_vpc":{"version":0,"block":{"attributes":{"cloud_name":{"type":"string","description":"Defines where the cloud provider and region where the service is hosted in. See the Service resource for additional information. This property cannot be changed, doing so forces recreation of the resource.","description_kind":"plain","required":true},"id":{"type":"string","description_kind":"plain","optional":true,"computed":true},"network_cidr":{"type":"string","description":"Network address range used by the VPC like 192.168.0.0/24","description_kind":"plain","computed":true},"project":{"type":"string","description":"Identifies the project this resource belongs to. To set up proper dependencies please refer to this variable as a reference. This property cannot be changed, doing so forces recreation of the resource.","description_kind":"plain","required":true},"state":{"type":"string","description":"State of the VPC. The possible values are `APPROVED`, `ACTIVE`, `DELETING` and `DELETED`.","description_kind":"plain","computed":true}},"description":"The Project VPC data source provides information about the existing Aiven Project VPC.","description_kind":"plain"}},"aiven_redis":{"version":0,"block":{"attributes":{"cloud_name":{"type":"string","description":"Defines where the cloud provider and region where the service is hosted in. This can be changed freely after service is created. Changing the value will trigger a potentially lengthy migration process for the service. Format is cloud provider name (`aws`, `azure`, `do` `google`, `upcloud`, etc.), dash, and the cloud provider specific region name. These are documented on each Cloud provider's own support articles, like [here for Google](https://cloud.google.com/compute/docs/regions-zones/) and [here for AWS](https://docs.aws.amazon.com/AmazonRDS/latest/UserGuide/Concepts.RegionsAndAvailabilityZones.html).","description_kind":"plain","computed":true},"components":{"type":["list",["object",{"component":"string","host":"string","kafka_authentication_method":"string","port":"number","route":"string","ssl":"bool","usage":"string"}]],"description":"Service component information objects","description_kind":"plain","computed":true},"id":{"type":"string","description_kind":"plain","optional":true,"computed":true},"maintenance_window_dow":{"type":"string","description":"Day of week when maintenance operations should be performed. One monday, tuesday, wednesday, etc.","description_kind":"plain","computed":true},"maintenance_window_time":{"type":"string","description":"Time of day when maintenance operations should be performed. UTC time in HH:mm:ss format.","description_kind":"plain","computed":true},"plan":{"type":"string","description":"Defines what kind of computing resources are allocated for the service. It can be changed after creation, though there are some restrictions when going to a smaller plan such as the new plan must have sufficient amount of disk space to store all current data and switching to a plan with fewer nodes might not be supported. The basic plan names are `hobbyist`, `startup-x`, `business-x` and `premium-x` where `x` is (roughly) the amount of memory on each node (also other attributes like number of CPUs and amount of disk space varies but naming is based on memory). The available options can be seem from the [Aiven pricing page](https://aiven.io/pricing).","description_kind":"plain","computed":true},"project":{"type":"string","description":"Identifies the project this resource belongs to. To set up proper dependencies please refer to this variable as a reference. This property cannot be changed, doing so forces recreation of the resource.","description_kind":"plain","required":true},"project_vpc_id":{"type":"string","description":"Specifies the VPC the service should run in. If the value is not set the service is not run inside a VPC. When set, the value should be given as a reference to set up dependencies correctly and the VPC must be in the same cloud and region as the service itself. Project can be freely moved to and from VPC after creation but doing so triggers migration to new servers so the operation can take significant amount of time to complete if the service has a lot of data.","description_kind":"plain","computed":true},"redis":{"type":["list",["object",{}]],"description":"Redis server provided values","description_kind":"plain","computed":true},"redis_user_config":{"type":["list",["object",{"ip_filter":["list","string"],"migration":["list",["object",{"dbname":"string","host":"string","ignore_dbs":"string","password":"string","port":"string","ssl":"string","username":"string"}]],"private_access":["list",["object",{"prometheus":"string","redis":"string"}]],"privatelink_access":["list",["object",{"redis":"string"}]],"project_to_fork_from":"string","public_access":["list",["object",{"prometheus":"string","redis":"string"}]],"recovery_basebackup_name":"string","redis_acl_channels_default":"string","redis_io_threads":"string","redis_lfu_decay_time":"string","redis_lfu_log_factor":"string","redis_maxmemory_policy":"string","redis_notify_keyspace_events":"string","redis_number_of_databases":"string","redis_persistence":"string","redis_pubsub_client_output_buffer_limit":"string","redis_ssl":"string","redis_timeout":"string","service_to_fork_from":"string","static_ips":"string"}]],"description":"Redis user configurable settings","description_kind":"plain","computed":true},"service_host":{"type":"string","description":"The hostname of the service.","description_kind":"plain","computed":true},"service_integrations":{"type":["list",["object",{"integration_type":"string","source_service_name":"string"}]],"description":"Service integrations to specify when creating a service. Not applied after initial service creation","description_kind":"plain","computed":true},"service_name":{"type":"string","description":"Specifies the actual name of the service. The name cannot be changed later without destroying and re-creating the service so name should be picked based on intended service usage rather than current attributes.","description_kind":"plain","required":true},"service_password":{"type":"string","description":"Password used for connecting to the service, if applicable","description_kind":"plain","computed":true,"sensitive":true},"service_port":{"type":"number","description":"The port of the service","description_kind":"plain","computed":true},"service_type":{"type":"string","description":"Aiven internal service type code","description_kind":"plain","computed":true},"service_uri":{"type":"string","description":"URI for connecting to the service. Service specific info is under \"kafka\", \"pg\", etc.","description_kind":"plain","computed":true,"sensitive":true},"service_username":{"type":"string","description":"Username used for connecting to the service, if applicable","description_kind":"plain","computed":true},"state":{"type":"string","description":"Service state. One of `POWEROFF`, `REBALANCING`, `REBUILDING` or `RUNNING`.","description_kind":"plain","computed":true},"termination_protection":{"type":"bool","description":"Prevents the service from being deleted. It is recommended to set this to `true` for all production services to prevent unintentional service deletion. This does not shield against deleting databases or topics but for services with backups much of the content can at least be restored from backup in case accidental deletion is done.","description_kind":"plain","computed":true}},"description":"The Redis data source provides information about the existing Aiven Redis service.","description_kind":"plain"}},"aiven_service":{"version":0,"block":{"attributes":{"cassandra":{"type":["list",["object",{}]],"description":"Cassandra specific server provided values","description_kind":"plain","computed":true},"cassandra_user_config":{"type":["list",["object",{"cassandra":["list",["object",{"batch_size_fail_threshold_in_kb":"string","batch_size_warn_threshold_in_kb":"string"}]],"cassandra_version":"string","ip_filter":["list","string"],"migrate_sstableloader":"string","private_access":["list",["object",{"prometheus":"string"}]],"project_to_fork_from":"string","public_access":["list",["object",{"prometheus":"string"}]],"service_to_fork_from":"string","static_ips":"string"}]],"description":"Cassandra user configurable settings","description_kind":"plain","computed":true},"cloud_name":{"type":"string","description":"Cloud the service runs in","description_kind":"plain","computed":true},"components":{"type":["list",["object",{"component":"string","host":"string","kafka_authentication_method":"string","port":"number","route":"string","ssl":"bool","usage":"string"}]],"description":"Service component information objects","description_kind":"plain","computed":true},"elasticsearch":{"type":["list",["object",{"kibana_uri":"string"}]],"description":"Elasticsearch specific server provided values","description_kind":"plain","computed":true},"elasticsearch_user_config":{"type":["list",["object",{"custom_domain":"string","disable_replication_factor_adjustment":"string","elasticsearch":["list",["object",{"action_auto_create_index_enabled":"string","action_destructive_requires_name":"string","cluster_max_shards_per_node":"string","http_max_content_length":"string","http_max_header_size":"string","http_max_initial_line_length":"string","indices_fielddata_cache_size":"string","indices_memory_index_buffer_size":"string","indices_queries_cache_size":"string","indices_query_bool_max_clause_count":"string","reindex_remote_whitelist":["list","string"],"search_max_buckets":"string","thread_pool_analyze_queue_size":"string","thread_pool_analyze_size":"string","thread_pool_force_merge_size":"string","thread_pool_get_queue_size":"string","thread_pool_get_size":"string","thread_pool_index_queue_size":"string","thread_pool_index_size":"string","thread_pool_search_queue_size":"string","thread_pool_search_size":"string","thread_pool_search_throttled_queue_size":"string","thread_pool_search_throttled_size":"string","thread_pool_write_queue_size":"string","thread_pool_write_size":"string"}]],"elasticsearch_version":"string","index_patterns":["list",["object",{"max_index_count":"string","pattern":"string","sorting_algorithm":"string"}]],"index_template":["list",["object",{"mapping_nested_objects_limit":"string","number_of_replicas":"string","number_of_shards":"string"}]],"ip_filter":["list","string"],"keep_index_refresh_interval":"string","kibana":["list",["object",{"elasticsearch_request_timeout":"string","enabled":"string","max_old_space_size":"string"}]],"max_index_count":"string","opensearch_version":"string","private_access":["list",["object",{"elasticsearch":"string","kibana":"string","prometheus":"string"}]],"privatelink_access":["list",["object",{"elasticsearch":"string","kibana":"string"}]],"project_to_fork_from":"string","public_access":["list",["object",{"elasticsearch":"string","kibana":"string","prometheus":"string"}]],"recovery_basebackup_name":"string","service_to_fork_from":"string","static_ips":"string"}]],"description":"Elasticsearch user configurable settings","description_kind":"plain","computed":true},"flink":{"type":["list",["object",{"host_ports":["list","string"]}]],"description":"Flink specific server provided values","description_kind":"plain","computed":true},"flink_user_config":{"type":["list",["object",{"execution_checkpointing_interval_ms":"string","execution_checkpointing_timeout_ms":"string","flink_version":"string","ip_filter":["list","string"],"number_of_task_slots":"string","parallelism_default":"string","restart_strategy":"string","restart_strategy_delay_sec":"string","restart_strategy_failure_rate_interval_min":"string","restart_strategy_max_failures":"string"}]],"description":"Flink user configurable settings","description_kind":"plain","computed":true},"grafana":{"type":["list",["object",{}]],"description":"Grafana specific server provided values","description_kind":"plain","computed":true},"grafana_user_config":{"type":["list",["object",{"alerting_enabled":"string","alerting_error_or_timeout":"string","alerting_max_annotations_to_keep":"string","alerting_nodata_or_nullvalues":"string","allow_embedding":"string","auth_azuread":["list",["object",{"allow_sign_up":"string","allowed_domains":["list","string"],"allowed_groups":["list","string"],"auth_url":"string","client_id":"string","client_secret":"string","token_url":"string"}]],"auth_basic_enabled":"string","auth_generic_oauth":["list",["object",{"allow_sign_up":"string","allowed_domains":["list","string"],"allowed_organizations":["list","string"],"api_url":"string","auth_url":"string","client_id":"string","client_secret":"string","name":"string","scopes":["list","string"],"token_url":"string"}]],"auth_github":["list",["object",{"allow_sign_up":"string","allowed_organizations":["list","string"],"client_id":"string","client_secret":"string","team_ids":["list","string"]}]],"auth_gitlab":["list",["object",{"allow_sign_up":"string","allowed_groups":["list","string"],"api_url":"string","auth_url":"string","client_id":"string","client_secret":"string","token_url":"string"}]],"auth_google":["list",["object",{"allow_sign_up":"string","allowed_domains":["list","string"],"client_id":"string","client_secret":"string"}]],"cookie_samesite":"string","custom_domain":"string","dashboards_min_refresh_interval":"string","dashboards_versions_to_keep":"string","dataproxy_send_user_header":"string","dataproxy_timeout":"string","date_formats":["list",["object",{"default_timezone":"string","full_date":"string","interval_day":"string","interval_hour":"string","interval_minute":"string","interval_month":"string","interval_second":"string","interval_year":"string"}]],"disable_gravatar":"string","editors_can_admin":"string","external_image_storage":["list",["object",{"access_key":"string","bucket_url":"string","provider":"string","secret_key":"string"}]],"google_analytics_ua_id":"string","ip_filter":["list","string"],"metrics_enabled":"string","private_access":["list",["object",{"grafana":"string"}]],"privatelink_access":["list",["object",{"grafana":"string"}]],"project_to_fork_from":"string","public_access":["list",["object",{"grafana":"string"}]],"recovery_basebackup_name":"string","service_to_fork_from":"string","smtp_server":["list",["object",{"from_address":"string","from_name":"string","host":"string","password":"string","port":"string","skip_verify":"string","starttls_policy":"string","username":"string"}]],"static_ips":"string","user_auto_assign_org":"string","user_auto_assign_org_role":"string","viewers_can_edit":"string"}]],"description":"Grafana user configurable settings","description_kind":"plain","computed":true},"id":{"type":"string","description_kind":"plain","optional":true,"computed":true},"influxdb":{"type":["list",["object",{"database_name":"string"}]],"description":"InfluxDB specific server provided values","description_kind":"plain","computed":true},"influxdb_user_config":{"type":["list",["object",{"custom_domain":"string","influxdb":["list",["object",{"log_queries_after":"string","max_connection_limit":"string","max_row_limit":"string","max_select_buckets":"string","max_select_point":"string","query_timeout":"string"}]],"ip_filter":["list","string"],"private_access":["list",["object",{"influxdb":"string"}]],"privatelink_access":["list",["object",{"influxdb":"string"}]],"project_to_fork_from":"string","public_access":["list",["object",{"influxdb":"string"}]],"recovery_basebackup_name":"string","service_to_fork_from":"string","static_ips":"string"}]],"description":"Influxdb user configurable settings","description_kind":"plain","computed":true},"kafka":{"type":["list",["object",{"access_cert":"string","access_key":"string","connect_uri":"string","rest_uri":"string","schema_registry_uri":"string"}]],"description":"Kafka specific server provided values","description_kind":"plain","computed":true},"kafka_connect":{"type":["list",["object",{}]],"description":"Kafka Connect specific server provided values","description_kind":"plain","computed":true},"kafka_connect_user_config":{"type":["list",["object",{"ip_filter":["list","string"],"kafka_connect":["list",["object",{"connector_client_config_override_policy":"string","consumer_auto_offset_reset":"string","consumer_fetch_max_bytes":"string","consumer_isolation_level":"string","consumer_max_partition_fetch_bytes":"string","consumer_max_poll_interval_ms":"string","consumer_max_poll_records":"string","offset_flush_interval_ms":"string","offset_flush_timeout_ms":"string","producer_max_request_size":"string","session_timeout_ms":"string"}]],"private_access":["list",["object",{"kafka_connect":"string","prometheus":"string"}]],"privatelink_access":["list",["object",{"kafka_connect":"string"}]],"public_access":["list",["object",{"kafka_connect":"string","prometheus":"string"}]],"static_ips":"string"}]],"description":"Kafka_connect user configurable settings","description_kind":"plain","computed":true},"kafka_mirrormaker":{"type":["list",["object",{}]],"description":"Kafka MirrorMaker 2 specific server provided values","description_kind":"plain","computed":true},"kafka_mirrormaker_user_config":{"type":["list",["object",{"ip_filter":["list","string"],"kafka_mirrormaker":["list",["object",{"emit_checkpoints_enabled":"string","emit_checkpoints_interval_seconds":"string","refresh_groups_enabled":"string","refresh_groups_interval_seconds":"string","refresh_topics_enabled":"string","refresh_topics_interval_seconds":"string","sync_group_offsets_enabled":"string","sync_group_offsets_interval_seconds":"string","sync_topic_configs_enabled":"string","tasks_max_per_cpu":"string"}]],"static_ips":"string"}]],"description":"Kafka_mirrormaker user configurable settings","description_kind":"plain","computed":true},"kafka_user_config":{"type":["list",["object",{"custom_domain":"string","ip_filter":["list","string"],"kafka":["list",["object",{"auto_create_topics_enable":"string","compression_type":"string","connections_max_idle_ms":"string","default_replication_factor":"string","group_initial_rebalance_delay_ms":"string","group_max_session_timeout_ms":"string","group_min_session_timeout_ms":"string","log_cleaner_delete_retention_ms":"string","log_cleaner_max_compaction_lag_ms":"string","log_cleaner_min_cleanable_ratio":"string","log_cleaner_min_compaction_lag_ms":"string","log_cleanup_policy":"string","log_flush_interval_messages":"string","log_flush_interval_ms":"string","log_index_interval_bytes":"string","log_index_size_max_bytes":"string","log_message_downconversion_enable":"string","log_message_timestamp_difference_max_ms":"string","log_message_timestamp_type":"string","log_preallocate":"string","log_retention_bytes":"string","log_retention_hours":"string","log_retention_ms":"string","log_roll_jitter_ms":"string","log_roll_ms":"string","log_segment_bytes":"string","log_segment_delete_delay_ms":"string","max_connections_per_ip":"string","max_incremental_fetch_session_cache_slots":"string","message_max_bytes":"string","min_insync_replicas":"string","num_partitions":"string","offsets_retention_minutes":"string","producer_purgatory_purge_interval_requests":"string","replica_fetch_max_bytes":"string","replica_fetch_response_max_bytes":"string","socket_request_max_bytes":"string","transaction_remove_expired_transaction_cleanup_interval_ms":"string","transaction_state_log_segment_bytes":"string"}]],"kafka_authentication_methods":["list",["object",{"certificate":"string","sasl":"string"}]],"kafka_connect":"string","kafka_connect_config":["list",["object",{"connector_client_config_override_policy":"string","consumer_auto_offset_reset":"string","consumer_fetch_max_bytes":"string","consumer_isolation_level":"string","consumer_max_partition_fetch_bytes":"string","consumer_max_poll_interval_ms":"string","consumer_max_poll_records":"string","offset_flush_interval_ms":"string","offset_flush_timeout_ms":"string","producer_max_request_size":"string","session_timeout_ms":"string"}]],"kafka_rest":"string","kafka_rest_config":["list",["object",{"consumer_enable_auto_commit":"string","consumer_request_max_bytes":"string","consumer_request_timeout_ms":"string","producer_acks":"string","producer_linger_ms":"string","simpleconsumer_pool_size_max":"string"}]],"kafka_version":"string","private_access":["list",["object",{"prometheus":"string"}]],"privatelink_access":["list",["object",{"kafka":"string","kafka_connect":"string","kafka_rest":"string","schema_registry":"string"}]],"public_access":["list",["object",{"kafka":"string","kafka_connect":"string","kafka_rest":"string","prometheus":"string","schema_registry":"string"}]],"schema_registry":"string","schema_registry_config":["list",["object",{"leader_eligibility":"string","topic_name":"string"}]],"static_ips":"string"}]],"description":"Kafka user configurable settings","description_kind":"plain","computed":true},"maintenance_window_dow":{"type":"string","description":"Day of week when maintenance operations should be performed. One monday, tuesday, wednesday, etc.","description_kind":"plain","computed":true},"maintenance_window_time":{"type":"string","description":"Time of day when maintenance operations should be performed. UTC time in HH:mm:ss format.","description_kind":"plain","computed":true},"mysql":{"type":["list",["object",{}]],"description":"MySQL specific server provided values","description_kind":"plain","computed":true},"mysql_user_config":{"type":["list",["object",{"admin_password":"string","admin_username":"string","backup_hour":"string","backup_minute":"string","binlog_retention_period":"string","ip_filter":["list","string"],"migration":["list",["object",{"dbname":"string","host":"string","ignore_dbs":"string","password":"string","port":"string","ssl":"string","username":"string"}]],"mysql":["list",["object",{"connect_timeout":"string","default_time_zone":"string","group_concat_max_len":"string","information_schema_stats_expiry":"string","innodb_ft_min_token_size":"string","innodb_ft_server_stopword_table":"string","innodb_lock_wait_timeout":"string","innodb_log_buffer_size":"string","innodb_online_alter_log_max_size":"string","innodb_print_all_deadlocks":"string","innodb_rollback_on_timeout":"string","interactive_timeout":"string","internal_tmp_mem_storage_engine":"string","long_query_time":"string","max_allowed_packet":"string","max_heap_table_size":"string","net_read_timeout":"string","net_write_timeout":"string","slow_query_log":"string","sort_buffer_size":"string","sql_mode":"string","sql_require_primary_key":"string","tmp_table_size":"string","wait_timeout":"string"}]],"mysql_version":"string","private_access":["list",["object",{"mysql":"string","mysqlx":"string","prometheus":"string"}]],"privatelink_access":["list",["object",{"mysql":"string","mysqlx":"string"}]],"project_to_fork_from":"string","public_access":["list",["object",{"mysql":"string","mysqlx":"string","prometheus":"string"}]],"recovery_target_time":"string","service_to_fork_from":"string","static_ips":"string"}]],"description":"Mysql user configurable settings","description_kind":"plain","computed":true},"opensearch":{"type":["list",["object",{"opensearch_dashboards_uri":"string"}]],"description":"Opensearch specific server provided values","description_kind":"plain","computed":true},"opensearch_user_config":{"type":["list",["object",{"custom_domain":"string","disable_replication_factor_adjustment":"string","index_patterns":["list",["object",{"max_index_count":"string","pattern":"string","sorting_algorithm":"string"}]],"index_template":["list",["object",{"mapping_nested_objects_limit":"string","number_of_replicas":"string","number_of_shards":"string"}]],"ip_filter":["list","string"],"keep_index_refresh_interval":"string","max_index_count":"string","opensearch":["list",["object",{"action_auto_create_index_enabled":"string","action_destructive_requires_name":"string","cluster_max_shards_per_node":"string","http_max_content_length":"string","http_max_header_size":"string","http_max_initial_line_length":"string","indices_fielddata_cache_size":"string","indices_memory_index_buffer_size":"string","indices_queries_cache_size":"string","indices_query_bool_max_clause_count":"string","reindex_remote_whitelist":["list","string"],"search_max_buckets":"string","thread_pool_analyze_queue_size":"string","thread_pool_analyze_size":"string","thread_pool_force_merge_size":"string","thread_pool_get_queue_size":"string","thread_pool_get_size":"string","thread_pool_index_size":"string","thread_pool_search_queue_size":"string","thread_pool_search_size":"string","thread_pool_search_throttled_queue_size":"string","thread_pool_search_throttled_size":"string","thread_pool_write_queue_size":"string","thread_pool_write_size":"string"}]],"opensearch_dashboards":["list",["object",{"enabled":"string","max_old_space_size":"string","opensearch_request_timeout":"string"}]],"opensearch_version":"string","private_access":["list",["object",{"opensearch":"string","opensearch_dashboards":"string","prometheus":"string"}]],"privatelink_access":["list",["object",{"opensearch":"string","opensearch_dashboards":"string"}]],"project_to_fork_from":"string","public_access":["list",["object",{"opensearch":"string","opensearch_dashboards":"string","prometheus":"string"}]],"recovery_basebackup_name":"string","service_to_fork_from":"string","static_ips":"string"}]],"description":"Opensearch user configurable settings","description_kind":"plain","computed":true},"pg":{"type":["list",["object",{"dbname":"string","host":"string","password":"string","port":"number","replica_uri":"string","sslmode":"string","uri":"string","user":"string"}]],"description":"PostgreSQL specific server provided values","description_kind":"plain","computed":true},"pg_user_config":{"type":["list",["object",{"admin_password":"string","admin_username":"string","backup_hour":"string","backup_minute":"string","ip_filter":["list","string"],"migration":["list",["object",{"dbname":"string","host":"string","ignore_dbs":"string","password":"string","port":"string","ssl":"string","username":"string"}]],"pg":["list",["object",{"autovacuum_analyze_scale_factor":"string","autovacuum_analyze_threshold":"string","autovacuum_freeze_max_age":"string","autovacuum_max_workers":"string","autovacuum_naptime":"string","autovacuum_vacuum_cost_delay":"string","autovacuum_vacuum_cost_limit":"string","autovacuum_vacuum_scale_factor":"string","autovacuum_vacuum_threshold":"string","bgwriter_delay":"string","bgwriter_flush_after":"string","bgwriter_lru_maxpages":"string","bgwriter_lru_multiplier":"string","deadlock_timeout":"string","idle_in_transaction_session_timeout":"string","jit":"string","log_autovacuum_min_duration":"string","log_error_verbosity":"string","log_line_prefix":"string","log_min_duration_statement":"string","max_files_per_process":"string","max_locks_per_transaction":"string","max_logical_replication_workers":"string","max_parallel_workers":"string","max_parallel_workers_per_gather":"string","max_pred_locks_per_transaction":"string","max_prepared_transactions":"string","max_replication_slots":"string","max_stack_depth":"string","max_standby_archive_delay":"string","max_standby_streaming_delay":"string","max_wal_senders":"string","max_worker_processes":"string","pg_partman_bgw__dot__interval":"string","pg_partman_bgw__dot__role":"string","pg_stat_statements__dot__track":"string","temp_file_limit":"string","timezone":"string","track_activity_query_size":"string","track_commit_timestamp":"string","track_functions":"string","track_io_timing":"string","wal_sender_timeout":"string","wal_writer_delay":"string"}]],"pg_read_replica":"string","pg_service_to_fork_from":"string","pg_version":"string","pgbouncer":["list",["object",{"autodb_idle_timeout":"string","autodb_max_db_connections":"string","autodb_pool_mode":"string","autodb_pool_size":"string","ignore_startup_parameters":["list","string"],"min_pool_size":"string","server_idle_timeout":"string","server_lifetime":"string","server_reset_query_always":"string"}]],"pglookout":["list",["object",{"max_failover_replication_time_lag":"string"}]],"private_access":["list",["object",{"pg":"string","pgbouncer":"string","prometheus":"string"}]],"privatelink_access":["list",["object",{"pg":"string","pgbouncer":"string"}]],"project_to_fork_from":"string","public_access":["list",["object",{"pg":"string","pgbouncer":"string","prometheus":"string"}]],"recovery_target_time":"string","service_to_fork_from":"string","shared_buffers_percentage":"string","static_ips":"string","synchronous_replication":"string","timescaledb":["list",["object",{"max_background_workers":"string"}]],"variant":"string","work_mem":"string"}]],"description":"Pg user configurable settings","description_kind":"plain","computed":true},"plan":{"type":"string","description":"Subscription plan","description_kind":"plain","computed":true},"project":{"type":"string","description":"Target project","description_kind":"plain","required":true},"project_vpc_id":{"type":"string","description":"Identifier of the VPC the service should be in, if any","description_kind":"plain","computed":true},"redis":{"type":["list",["object",{}]],"description":"Redis specific server provided values","description_kind":"plain","computed":true},"redis_user_config":{"type":["list",["object",{"ip_filter":["list","string"],"migration":["list",["object",{"dbname":"string","host":"string","ignore_dbs":"string","password":"string","port":"string","ssl":"string","username":"string"}]],"private_access":["list",["object",{"prometheus":"string","redis":"string"}]],"privatelink_access":["list",["object",{"redis":"string"}]],"project_to_fork_from":"string","public_access":["list",["object",{"prometheus":"string","redis":"string"}]],"recovery_basebackup_name":"string","redis_acl_channels_default":"string","redis_io_threads":"string","redis_lfu_decay_time":"string","redis_lfu_log_factor":"string","redis_maxmemory_policy":"string","redis_notify_keyspace_events":"string","redis_number_of_databases":"string","redis_persistence":"string","redis_pubsub_client_output_buffer_limit":"string","redis_ssl":"string","redis_timeout":"string","service_to_fork_from":"string","static_ips":"string"}]],"description":"Redis user configurable settings","description_kind":"plain","computed":true},"service_host":{"type":"string","description":"Service hostname","description_kind":"plain","computed":true},"service_integrations":{"type":["list",["object",{"integration_type":"string","source_service_name":"string"}]],"description":"Service integrations to specify when creating a service. Not applied after initial service creation","description_kind":"plain","computed":true},"service_name":{"type":"string","description":"Service name","description_kind":"plain","required":true},"service_password":{"type":"string","description":"Password used for connecting to the service, if applicable","description_kind":"plain","computed":true,"sensitive":true},"service_port":{"type":"number","description":"Service port","description_kind":"plain","computed":true},"service_type":{"type":"string","description":"Service type code","description_kind":"plain","computed":true},"service_uri":{"type":"string","description":"URI for connecting to the service. Service specific info is under \"kafka\", \"pg\", etc.","description_kind":"plain","computed":true,"sensitive":true},"service_username":{"type":"string","description":"Username used for connecting to the service, if applicable","description_kind":"plain","computed":true},"state":{"type":"string","description":"Service state. One of `POWEROFF`, `REBALANCING`, `REBUILDING` and `RUNNING`.","description_kind":"plain","computed":true},"termination_protection":{"type":"bool","description":"Prevent service from being deleted. It is recommended to have this enabled for all services.","description_kind":"plain","computed":true}},"description":"The Service datasource provides information about specific Aiven Services.","description_kind":"plain","deprecated":true}},"aiven_service_component":{"version":0,"block":{"attributes":{"component":{"type":"string","description":"Service component name","description_kind":"plain","required":true},"host":{"type":"string","description":"DNS name for connecting to the service component","description_kind":"plain","computed":true},"id":{"type":"string","description_kind":"plain","optional":true,"computed":true},"kafka_authentication_method":{"type":"string","description":"Kafka authentication method. This is a value specific to the 'kafka' service component","description_kind":"plain","optional":true},"port":{"type":"number","description":"Port number for connecting to the service component","description_kind":"plain","computed":true},"project":{"type":"string","description":"Project name","description_kind":"plain","required":true},"route":{"type":"string","description":"Network access route","description_kind":"plain","optional":true},"service_name":{"type":"string","description":"Service name","description_kind":"plain","optional":true},"ssl":{"type":"bool","description":"Whether the endpoint is encrypted or accepts plaintext. By default endpoints are always encrypted and this property is only included for service components that may disable encryption","description_kind":"plain","optional":true},"usage":{"type":"string","description":"DNS usage name","description_kind":"plain","optional":true}},"description":"The Service Component data source provides information about the existing Aiven service Component.","description_kind":"plain"}},"aiven_service_integration":{"version":0,"block":{"attributes":{"datadog_user_config":{"type":["list",["object",{"datadog_tags":["list",["object",{"comment":"string","tag":"string"}]],"exclude_consumer_groups":["list","string"],"exclude_topics":["list","string"],"include_consumer_groups":["list","string"],"include_topics":["list","string"],"kafka_custom_metrics":["list","string"],"max_jmx_metrics":"string"}]],"description":"Dashboard specific user configurable settings","description_kind":"plain","computed":true},"destination_endpoint_id":{"type":"string","description":"Destination endpoint for the integration (if any)","description_kind":"plain","computed":true},"destination_service_name":{"type":"string","description":"Destination service for the integration (if any)","description_kind":"plain","required":true},"id":{"type":"string","description_kind":"plain","optional":true,"computed":true},"integration_id":{"type":"string","description":"Service Integration Id at aiven","description_kind":"plain","computed":true},"integration_type":{"type":"string","description":"Type of the service integration","description_kind":"plain","required":true},"kafka_connect_user_config":{"type":["list",["object",{"kafka_connect":["list",["object",{"config_storage_topic":"string","group_id":"string","offset_storage_topic":"string","status_storage_topic":"string"}]]}]],"description":"Kafka Connect specific user configurable settings","description_kind":"plain","computed":true},"kafka_logs_user_config":{"type":["list",["object",{"kafka_topic":"string"}]],"description":"Kafka Logs specific user configurable settings","description_kind":"plain","computed":true},"kafka_mirrormaker_user_config":{"type":["list",["object",{"cluster_alias":"string"}]],"description":"Mirrormaker 2 integration specific user configurable settings","description_kind":"plain","computed":true},"logs_user_config":{"type":["list",["object",{"elasticsearch_index_days_max":"string","elasticsearch_index_prefix":"string"}]],"description":"Log integration specific user configurable settings","description_kind":"plain","computed":true},"metrics_user_config":{"type":["list",["object",{"database":"string","retention_days":"string","ro_username":"string","source_mysql":["list",["object",{"telegraf":["list",["object",{"gather_event_waits":"string","gather_file_events_stats":"string","gather_index_io_waits":"string","gather_info_schema_auto_inc":"string","gather_innodb_metrics":"string","gather_perf_events_statements":"string","gather_process_list":"string","gather_slave_status":"string","gather_table_io_waits":"string","gather_table_lock_waits":"string","gather_table_schema":"string","perf_events_statements_digest_text_limit":"string","perf_events_statements_limit":"string","perf_events_statements_time_limit":"string"}]]}]],"username":"string"}]],"description":"Metrics specific user configurable settings","description_kind":"plain","computed":true},"mirrormaker_user_config":{"type":["list",["object",{"mirrormaker_whitelist":"string"}]],"description":"Mirrormaker 1 integration specific user configurable settings","description_kind":"plain","computed":true},"project":{"type":"string","description":"Project the integration belongs to","description_kind":"plain","required":true},"prometheus_user_config":{"type":["list",["object",{"source_mysql":["list",["object",{"telegraf":["list",["object",{"gather_event_waits":"string","gather_file_events_stats":"string","gather_index_io_waits":"string","gather_info_schema_auto_inc":"string","gather_innodb_metrics":"string","gather_perf_events_statements":"string","gather_process_list":"string","gather_slave_status":"string","gather_table_io_waits":"string","gather_table_lock_waits":"string","gather_table_schema":"string","perf_events_statements_digest_text_limit":"string","perf_events_statements_limit":"string","perf_events_statements_time_limit":"string"}]]}]]}]],"description":"Prometheus coordinator specific user configurable settings","description_kind":"plain","computed":true},"source_endpoint_id":{"type":"string","description":"Source endpoint for the integration (if any)","description_kind":"plain","computed":true},"source_service_name":{"type":"string","description":"Source service for the integration (if any)","description_kind":"plain","required":true}},"description":"The Service Integration data source provides information about the existing Aiven Service Integration.","description_kind":"plain"}},"aiven_service_integration_endpoint":{"version":0,"block":{"attributes":{"datadog_user_config":{"type":["list",["object",{"datadog_api_key":"string","datadog_tags":["list",["object",{"comment":"string","tag":"string"}]],"disable_consumer_stats":"string","kafka_consumer_check_instances":"string","kafka_consumer_stats_timeout":"string","max_partition_contexts":"string","site":"string"}]],"description":"Datadog specific user configurable settings","description_kind":"plain","computed":true},"endpoint_config":{"type":["map","string"],"description":"Integration endpoint specific backend configuration","description_kind":"plain","computed":true},"endpoint_name":{"type":"string","description":"Name of the service integration endpoint","description_kind":"plain","required":true},"endpoint_type":{"type":"string","description":"Type of the service integration endpoint","description_kind":"plain","computed":true},"external_aws_cloudwatch_logs_user_config":{"type":["list",["object",{"access_key":"string","log_group_name":"string","region":"string","secret_key":"string"}]],"description":"external AWS CloudWatch Logs specific user configurable settings","description_kind":"plain","computed":true},"external_aws_cloudwatch_metrics_user_config":{"type":["list",["object",{"access_key":"string","namespace":"string","region":"string","secret_key":"string"}]],"description":"External AWS cloudwatch mertrics specific user configurable settings","description_kind":"plain","computed":true},"external_elasticsearch_logs_user_config":{"type":["list",["object",{"ca":"string","index_days_max":"string","index_prefix":"string","timeout":"string","url":"string"}]],"description":"external elasticsearch specific user configurable settings","description_kind":"plain","computed":true},"external_google_cloud_logging_user_config":{"type":["list",["object",{"log_id":"string","project_id":"string","service_account_credentials":"string"}]],"description":"external Google Cloud Logginig specific user configurable settings","description_kind":"plain","computed":true},"external_kafka_user_config":{"type":["list",["object",{"bootstrap_servers":"string","sasl_mechanism":"string","sasl_plain_password":"string","sasl_plain_username":"string","security_protocol":"string","ssl_ca_cert":"string","ssl_client_cert":"string","ssl_client_key":"string","ssl_endpoint_identification_algorithm":"string"}]],"description":"external Kafka specific user configurable settings","description_kind":"plain","computed":true},"external_schema_registry_user_config":{"type":["list",["object",{"authentication":"string","basic_auth_password":"string","basic_auth_username":"string","url":"string"}]],"description":"External schema registry specific user configurable settings","description_kind":"plain","computed":true},"id":{"type":"string","description_kind":"plain","optional":true,"computed":true},"jolokia_user_config":{"type":["list",["object",{"basic_auth_password":"string","basic_auth_username":"string"}]],"description":"Jolokia specific user configurable settings","description_kind":"plain","computed":true},"project":{"type":"string","description":"Project the service integration endpoint belongs to","description_kind":"plain","required":true},"prometheus_user_config":{"type":["list",["object",{"basic_auth_password":"string","basic_auth_username":"string"}]],"description":"Prometheus specific user configurable settings","description_kind":"plain","computed":true},"rsyslog_user_config":{"type":["list",["object",{"ca":"string","cert":"string","format":"string","key":"string","logline":"string","port":"string","sd":"string","server":"string","tls":"string"}]],"description":"rsyslog specific user configurable settings","description_kind":"plain","computed":true},"signalfx_user_config":{"type":["list",["object",{"enabled_metrics":["list","string"],"signalfx_api_key":"string","signalfx_realm":"string"}]],"description":"Signalfx specific user configurable settings","description_kind":"plain","computed":true}},"description":"The Service Integration Endpoint data source provides information about the existing Aiven Service Integration Endpoint.","description_kind":"plain"}},"aiven_service_user":{"version":0,"block":{"attributes":{"access_cert":{"type":"string","description":"Access certificate for the user if applicable for the service in question","description_kind":"plain","computed":true,"sensitive":true},"access_key":{"type":"string","description":"Access certificate key for the user if applicable for the service in question","description_kind":"plain","computed":true,"sensitive":true},"authentication":{"type":"string","description":"Authentication details. The possible values are `caching_sha2_password` and `mysql_native_password`.","description_kind":"plain","computed":true},"id":{"type":"string","description_kind":"plain","optional":true,"computed":true},"password":{"type":"string","description":"The password of the service user ( not applicable for all services ).","description_kind":"plain","computed":true,"sensitive":true},"project":{"type":"string","description":"Identifies the project this resource belongs to. To set up proper dependencies please refer to this variable as a reference. This property cannot be changed, doing so forces recreation of the resource.","description_kind":"plain","required":true},"redis_acl_categories":{"type":["list","string"],"description":"Redis specific field, defines command category rules. The field is required with`redis_acl_commands` and `redis_acl_keys`. This property cannot be changed, doing so forces recreation of the resource.","description_kind":"plain","computed":true},"redis_acl_channels":{"type":["list","string"],"description":"Redis specific field, defines the permitted pub/sub channel patterns. This property cannot be changed, doing so forces recreation of the resource.","description_kind":"plain","computed":true},"redis_acl_commands":{"type":["list","string"],"description":"Redis specific field, defines rules for individual commands. The field is required with`redis_acl_categories` and `redis_acl_keys`. This property cannot be changed, doing so forces recreation of the resource.","description_kind":"plain","computed":true},"redis_acl_keys":{"type":["list","string"],"description":"Redis specific field, defines key access rules. The field is required with`redis_acl_categories` and `redis_acl_keys`. This property cannot be changed, doing so forces recreation of the resource.","description_kind":"plain","computed":true},"service_name":{"type":"string","description":"Specifies the name of the service that this resource belongs to. To set up proper dependencies please refer to this variable as a reference. This property cannot be changed, doing so forces recreation of the resource.","description_kind":"plain","required":true},"type":{"type":"string","description":"Type of the user account. Tells wether the user is the primary account or a regular account.","description_kind":"plain","computed":true},"username":{"type":"string","description":"The actual name of the service user. To set up proper dependencies please refer to this variable as a reference. This property cannot be changed, doing so forces recreation of the resource.","description_kind":"plain","required":true}},"description":"The Service User data source provides information about the existing Aiven Service User.","description_kind":"plain"}},"aiven_transit_gateway_vpc_attachment":{"version":0,"block":{"attributes":{"id":{"type":"string","description_kind":"plain","optional":true,"computed":true},"peer_cloud_account":{"type":"string","description":"AWS account ID or GCP project ID of the peered VPC This property cannot be changed, doing so forces recreation of the resource.","description_kind":"plain","required":true},"peer_region":{"type":"string","description":"AWS region of the peered VPC (if not in the same region as Aiven VPC)","description_kind":"plain","computed":true},"peer_vpc":{"type":"string","description":"Transit gateway ID This property cannot be changed, doing so forces recreation of the resource.","description_kind":"plain","required":true},"peering_connection_id":{"type":"string","description":"Cloud provider identifier for the peering connection if available","description_kind":"plain","computed":true},"state":{"type":"string","description":"State of the peering connection","description_kind":"plain","computed":true},"state_info":{"type":["map","string"],"description":"State-specific help or error information","description_kind":"plain","computed":true},"user_peer_network_cidrs":{"type":["list","string"],"description":"List of private IPv4 ranges to route through the peering connection","description_kind":"plain","computed":true},"vpc_id":{"type":"string","description":"The VPC the peering connection belongs to. To set up proper dependencies please refer to this variable as a reference. This property cannot be changed, doing so forces recreation of the resource.","description_kind":"plain","required":true}},"description":"The Transit Gateway VPC Attachment resource allows the creation and management Transit Gateway VPC Attachment VPC peering connection between Aiven and AWS.","description_kind":"plain"}},"aiven_vpc_peering_connection":{"version":0,"block":{"attributes":{"id":{"type":"string","description_kind":"plain","optional":true,"computed":true},"peer_azure_app_id":{"type":"string","description":"Azure app registration id in UUID4 form that is allowed to create a peering to the peer vnet This property cannot be changed, doing so forces recreation of the resource.","description_kind":"plain","computed":true},"peer_azure_tenant_id":{"type":"string","description":"Azure tenant id in UUID4 form. This property cannot be changed, doing so forces recreation of the resource.","description_kind":"plain","computed":true},"peer_cloud_account":{"type":"string","description":"AWS account ID or GCP project ID of the peered VPC. This property cannot be changed, doing so forces recreation of the resource.","description_kind":"plain","required":true},"peer_region":{"type":"string","description":"AWS region of the peered VPC (if not in the same region as Aiven VPC). This property cannot be changed, doing so forces recreation of the resource.","description_kind":"plain","computed":true},"peer_resource_group":{"type":"string","description":"Azure resource group name of the peered VPC This property cannot be changed, doing so forces recreation of the resource.","description_kind":"plain","computed":true},"peer_vpc":{"type":"string","description":"AWS VPC ID or GCP VPC network name of the peered VPC. This property cannot be changed, doing so forces recreation of the resource.","description_kind":"plain","required":true},"peering_connection_id":{"type":"string","description":"Cloud provider identifier for the peering connection if available","description_kind":"plain","computed":true},"state":{"type":"string","description":"State of the peering connection","description_kind":"plain","computed":true},"state_info":{"type":["map","string"],"description":"State-specific help or error information","description_kind":"plain","computed":true},"vpc_id":{"type":"string","description":"The VPC the peering connection belongs to. This property cannot be changed, doing so forces recreation of the resource.","description_kind":"plain","required":true}},"description":"The VPC Peering Connection data source provides information about the existing Aiven VPC Peering Connection.","description_kind":"plain"}}}}}}
