{"format_version":"0.2","provider_schemas":{"registry.terraform.io/akamai/akamai":{"provider":{"version":0,"block":{"attributes":{"appsec_section":{"type":"string","description_kind":"plain","deprecated":true,"optional":true},"cache_enabled":{"type":"bool","description_kind":"plain","optional":true},"config_section":{"type":"string","description":"The section of the edgerc file to use for configuration","description_kind":"plain","optional":true},"dns_section":{"type":"string","description_kind":"plain","deprecated":true,"optional":true},"edgerc":{"type":"string","description_kind":"plain","optional":true},"gtm_section":{"type":"string","description_kind":"plain","deprecated":true,"optional":true},"networklist_section":{"type":"string","description_kind":"plain","deprecated":true,"optional":true},"papi_section":{"type":"string","description_kind":"plain","deprecated":true,"optional":true},"property_section":{"type":"string","description_kind":"plain","deprecated":true,"optional":true}},"block_types":{"appsec":{"nesting_mode":"set","block":{"attributes":{"access_token":{"type":"string","description_kind":"plain","optional":true},"account_key":{"type":"string","description_kind":"plain","optional":true},"client_secret":{"type":"string","description_kind":"plain","optional":true},"client_token":{"type":"string","description_kind":"plain","optional":true},"host":{"type":"string","description_kind":"plain","optional":true},"max_body":{"type":"number","description_kind":"plain","optional":true}},"description_kind":"plain","deprecated":true}},"config":{"nesting_mode":"set","block":{"attributes":{"access_token":{"type":"string","description_kind":"plain","optional":true},"account_key":{"type":"string","description_kind":"plain","optional":true},"client_secret":{"type":"string","description_kind":"plain","optional":true},"client_token":{"type":"string","description_kind":"plain","optional":true},"host":{"type":"string","description_kind":"plain","optional":true},"max_body":{"type":"number","description_kind":"plain","optional":true}},"description_kind":"plain"},"max_items":1},"dns":{"nesting_mode":"set","block":{"attributes":{"access_token":{"type":"string","description_kind":"plain","optional":true},"account_key":{"type":"string","description_kind":"plain","optional":true},"client_secret":{"type":"string","description_kind":"plain","optional":true},"client_token":{"type":"string","description_kind":"plain","optional":true},"host":{"type":"string","description_kind":"plain","optional":true},"max_body":{"type":"number","description_kind":"plain","optional":true}},"description_kind":"plain","deprecated":true},"max_items":1},"gtm":{"nesting_mode":"set","block":{"attributes":{"access_token":{"type":"string","description_kind":"plain","optional":true},"account_key":{"type":"string","description_kind":"plain","optional":true},"client_secret":{"type":"string","description_kind":"plain","optional":true},"client_token":{"type":"string","description_kind":"plain","optional":true},"host":{"type":"string","description_kind":"plain","optional":true},"max_body":{"type":"number","description_kind":"plain","optional":true}},"description_kind":"plain","deprecated":true},"max_items":1},"network":{"nesting_mode":"set","block":{"attributes":{"access_token":{"type":"string","description_kind":"plain","optional":true},"account_key":{"type":"string","description_kind":"plain","optional":true},"client_secret":{"type":"string","description_kind":"plain","optional":true},"client_token":{"type":"string","description_kind":"plain","optional":true},"host":{"type":"string","description_kind":"plain","optional":true},"max_body":{"type":"number","description_kind":"plain","optional":true}},"description_kind":"plain"}},"property":{"nesting_mode":"set","block":{"attributes":{"access_token":{"type":"string","description_kind":"plain","optional":true},"account_key":{"type":"string","description_kind":"plain","optional":true},"client_secret":{"type":"string","description_kind":"plain","optional":true},"client_token":{"type":"string","description_kind":"plain","optional":true},"host":{"type":"string","description_kind":"plain","optional":true},"max_body":{"type":"number","description_kind":"plain","optional":true}},"description_kind":"plain","deprecated":true},"max_items":1}},"description_kind":"plain"}},"resource_schemas":{"akamai_appsec_activations":{"version":0,"block":{"attributes":{"activate":{"type":"bool","description_kind":"plain","optional":true},"config_id":{"type":"number","description_kind":"plain","required":true},"id":{"type":"string","description_kind":"plain","optional":true,"computed":true},"network":{"type":"string","description_kind":"plain","optional":true},"notes":{"type":"string","description_kind":"plain","required":true},"notification_emails":{"type":["set","string"],"description_kind":"plain","required":true},"status":{"type":"string","description_kind":"plain","computed":true}},"description_kind":"plain"}},"akamai_appsec_advanced_settings_logging":{"version":0,"block":{"attributes":{"config_id":{"type":"number","description_kind":"plain","required":true},"id":{"type":"string","description_kind":"plain","optional":true,"computed":true},"logging":{"type":"string","description_kind":"plain","required":true},"security_policy_id":{"type":"string","description_kind":"plain","optional":true}},"description_kind":"plain"}},"akamai_appsec_advanced_settings_pragma_header":{"version":0,"block":{"attributes":{"config_id":{"type":"number","description_kind":"plain","required":true},"id":{"type":"string","description_kind":"plain","optional":true,"computed":true},"pragma_header":{"type":"string","description_kind":"plain","required":true},"security_policy_id":{"type":"string","description_kind":"plain","optional":true}},"description_kind":"plain"}},"akamai_appsec_advanced_settings_prefetch":{"version":0,"block":{"attributes":{"all_extensions":{"type":"bool","description_kind":"plain","required":true},"config_id":{"type":"number","description_kind":"plain","required":true},"enable_app_layer":{"type":"bool","description_kind":"plain","required":true},"enable_rate_controls":{"type":"bool","description_kind":"plain","required":true},"extensions":{"type":["set","string"],"description":"List of extensions","description_kind":"plain","required":true},"id":{"type":"string","description_kind":"plain","optional":true,"computed":true}},"description_kind":"plain"}},"akamai_appsec_api_constraints_protection":{"version":0,"block":{"attributes":{"config_id":{"type":"number","description_kind":"plain","required":true},"enabled":{"type":"bool","description_kind":"plain","required":true},"id":{"type":"string","description_kind":"plain","optional":true,"computed":true},"output_text":{"type":"string","description":"Text Export representation","description_kind":"plain","computed":true},"security_policy_id":{"type":"string","description_kind":"plain","required":true}},"description_kind":"plain"}},"akamai_appsec_api_request_constraints":{"version":0,"block":{"attributes":{"action":{"type":"string","description_kind":"plain","required":true},"api_endpoint_id":{"type":"number","description_kind":"plain","optional":true},"config_id":{"type":"number","description_kind":"plain","required":true},"id":{"type":"string","description_kind":"plain","optional":true,"computed":true},"security_policy_id":{"type":"string","description_kind":"plain","required":true}},"description_kind":"plain"}},"akamai_appsec_attack_group":{"version":0,"block":{"attributes":{"attack_group":{"type":"string","description_kind":"plain","required":true},"attack_group_action":{"type":"string","description_kind":"plain","required":true},"condition_exception":{"type":"string","description_kind":"plain","optional":true},"config_id":{"type":"number","description_kind":"plain","required":true},"id":{"type":"string","description_kind":"plain","optional":true,"computed":true},"security_policy_id":{"type":"string","description_kind":"plain","required":true}},"description_kind":"plain"}},"akamai_appsec_bypass_network_lists":{"version":0,"block":{"attributes":{"bypass_network_list":{"type":["set","string"],"description_kind":"plain","required":true},"config_id":{"type":"number","description_kind":"plain","required":true},"id":{"type":"string","description_kind":"plain","optional":true,"computed":true}},"description_kind":"plain"}},"akamai_appsec_configuration":{"version":0,"block":{"attributes":{"config_id":{"type":"number","description_kind":"plain","computed":true},"contract_id":{"type":"string","description_kind":"plain","required":true},"create_from_config_id":{"type":"number","description_kind":"plain","optional":true},"create_from_version":{"type":"number","description_kind":"plain","optional":true},"description":{"type":"string","description_kind":"plain","required":true},"group_id":{"type":"number","description_kind":"plain","required":true},"host_names":{"type":["set","string"],"description_kind":"plain","required":true},"id":{"type":"string","description_kind":"plain","optional":true,"computed":true},"name":{"type":"string","description_kind":"plain","required":true}},"description_kind":"plain"}},"akamai_appsec_configuration_rename":{"version":0,"block":{"attributes":{"config_id":{"type":"number","description_kind":"plain","required":true},"description":{"type":"string","description_kind":"plain","required":true},"id":{"type":"string","description_kind":"plain","optional":true,"computed":true},"name":{"type":"string","description_kind":"plain","required":true}},"description_kind":"plain"}},"akamai_appsec_custom_deny":{"version":0,"block":{"attributes":{"config_id":{"type":"number","description_kind":"plain","required":true},"custom_deny":{"type":"string","description_kind":"plain","required":true},"custom_deny_id":{"type":"string","description":"custom_deny_id","description_kind":"plain","computed":true},"id":{"type":"string","description_kind":"plain","optional":true,"computed":true}},"description_kind":"plain"}},"akamai_appsec_custom_rule":{"version":0,"block":{"attributes":{"config_id":{"type":"number","description_kind":"plain","required":true},"custom_rule":{"type":"string","description_kind":"plain","required":true},"custom_rule_id":{"type":"number","description_kind":"plain","computed":true},"id":{"type":"string","description_kind":"plain","optional":true,"computed":true}},"description_kind":"plain"}},"akamai_appsec_custom_rule_action":{"version":0,"block":{"attributes":{"config_id":{"type":"number","description_kind":"plain","required":true},"custom_rule_action":{"type":"string","description_kind":"plain","required":true},"custom_rule_id":{"type":"number","description_kind":"plain","required":true},"id":{"type":"string","description_kind":"plain","optional":true,"computed":true},"security_policy_id":{"type":"string","description_kind":"plain","required":true}},"description_kind":"plain"}},"akamai_appsec_eval":{"version":0,"block":{"attributes":{"config_id":{"type":"number","description_kind":"plain","required":true},"current_ruleset":{"type":"string","description_kind":"plain","computed":true},"eval_mode":{"type":"string","description_kind":"plain","optional":true},"eval_operation":{"type":"string","description_kind":"plain","required":true},"eval_status":{"type":"string","description_kind":"plain","computed":true},"evaluating_ruleset":{"type":"string","description_kind":"plain","computed":true},"expiration_date":{"type":"string","description_kind":"plain","computed":true},"id":{"type":"string","description_kind":"plain","optional":true,"computed":true},"security_policy_id":{"type":"string","description_kind":"plain","required":true}},"description_kind":"plain"}},"akamai_appsec_eval_group":{"version":0,"block":{"attributes":{"attack_group":{"type":"string","description_kind":"plain","required":true},"attack_group_action":{"type":"string","description_kind":"plain","required":true},"condition_exception":{"type":"string","description_kind":"plain","optional":true},"config_id":{"type":"number","description_kind":"plain","required":true},"id":{"type":"string","description_kind":"plain","optional":true,"computed":true},"security_policy_id":{"type":"string","description_kind":"plain","required":true}},"description_kind":"plain"}},"akamai_appsec_eval_hostnames":{"version":0,"block":{"attributes":{"config_id":{"type":"number","description_kind":"plain","required":true},"hostnames":{"type":["set","string"],"description_kind":"plain","required":true},"id":{"type":"string","description_kind":"plain","optional":true,"computed":true}},"description_kind":"plain"}},"akamai_appsec_eval_protect_host":{"version":0,"block":{"attributes":{"config_id":{"type":"number","description_kind":"plain","required":true},"hostnames":{"type":["set","string"],"description_kind":"plain","required":true},"id":{"type":"string","description_kind":"plain","optional":true,"computed":true}},"description_kind":"plain"}},"akamai_appsec_eval_rule":{"version":0,"block":{"attributes":{"condition_exception":{"type":"string","description_kind":"plain","optional":true},"config_id":{"type":"number","description_kind":"plain","required":true},"id":{"type":"string","description_kind":"plain","optional":true,"computed":true},"rule_action":{"type":"string","description_kind":"plain","required":true},"rule_id":{"type":"number","description_kind":"plain","required":true},"security_policy_id":{"type":"string","description_kind":"plain","required":true}},"description_kind":"plain"}},"akamai_appsec_ip_geo":{"version":0,"block":{"attributes":{"config_id":{"type":"number","description_kind":"plain","required":true},"exception_ip_network_lists":{"type":["set","string"],"description_kind":"plain","optional":true},"geo_network_lists":{"type":["set","string"],"description_kind":"plain","optional":true},"id":{"type":"string","description_kind":"plain","optional":true,"computed":true},"ip_network_lists":{"type":["set","string"],"description_kind":"plain","optional":true},"mode":{"type":"string","description_kind":"plain","required":true},"security_policy_id":{"type":"string","description_kind":"plain","required":true}},"description_kind":"plain"}},"akamai_appsec_ip_geo_protection":{"version":0,"block":{"attributes":{"config_id":{"type":"number","description_kind":"plain","required":true},"enabled":{"type":"bool","description_kind":"plain","required":true},"id":{"type":"string","description_kind":"plain","optional":true,"computed":true},"output_text":{"type":"string","description":"Text Export representation","description_kind":"plain","computed":true},"security_policy_id":{"type":"string","description_kind":"plain","required":true}},"description_kind":"plain"}},"akamai_appsec_match_target":{"version":0,"block":{"attributes":{"config_id":{"type":"number","description_kind":"plain","required":true},"id":{"type":"string","description_kind":"plain","optional":true,"computed":true},"match_target":{"type":"string","description_kind":"plain","required":true},"match_target_id":{"type":"number","description_kind":"plain","computed":true}},"description_kind":"plain"}},"akamai_appsec_match_target_sequence":{"version":0,"block":{"attributes":{"config_id":{"type":"number","description_kind":"plain","required":true},"id":{"type":"string","description_kind":"plain","optional":true,"computed":true},"match_target_sequence":{"type":"string","description_kind":"plain","optional":true}},"description_kind":"plain"}},"akamai_appsec_penalty_box":{"version":0,"block":{"attributes":{"config_id":{"type":"number","description_kind":"plain","required":true},"id":{"type":"string","description_kind":"plain","optional":true,"computed":true},"penalty_box_action":{"type":"string","description_kind":"plain","required":true},"penalty_box_protection":{"type":"bool","description_kind":"plain","required":true},"security_policy_id":{"type":"string","description_kind":"plain","required":true}},"description_kind":"plain"}},"akamai_appsec_rate_policy":{"version":0,"block":{"attributes":{"config_id":{"type":"number","description_kind":"plain","required":true},"id":{"type":"string","description_kind":"plain","optional":true,"computed":true},"rate_policy":{"type":"string","description_kind":"plain","required":true},"rate_policy_id":{"type":"number","description_kind":"plain","computed":true}},"description_kind":"plain"}},"akamai_appsec_rate_policy_action":{"version":0,"block":{"attributes":{"config_id":{"type":"number","description_kind":"plain","required":true},"id":{"type":"string","description_kind":"plain","optional":true,"computed":true},"ipv4_action":{"type":"string","description_kind":"plain","required":true},"ipv6_action":{"type":"string","description_kind":"plain","required":true},"rate_policy_id":{"type":"number","description_kind":"plain","required":true},"security_policy_id":{"type":"string","description_kind":"plain","required":true}},"description_kind":"plain"}},"akamai_appsec_rate_protection":{"version":0,"block":{"attributes":{"config_id":{"type":"number","description_kind":"plain","required":true},"enabled":{"type":"bool","description_kind":"plain","required":true},"id":{"type":"string","description_kind":"plain","optional":true,"computed":true},"output_text":{"type":"string","description":"Text Export representation","description_kind":"plain","computed":true},"security_policy_id":{"type":"string","description_kind":"plain","required":true}},"description_kind":"plain"}},"akamai_appsec_reputation_profile":{"version":0,"block":{"attributes":{"config_id":{"type":"number","description_kind":"plain","required":true},"id":{"type":"string","description_kind":"plain","optional":true,"computed":true},"reputation_profile":{"type":"string","description_kind":"plain","required":true},"reputation_profile_id":{"type":"number","description_kind":"plain","computed":true}},"description_kind":"plain"}},"akamai_appsec_reputation_profile_action":{"version":0,"block":{"attributes":{"action":{"type":"string","description_kind":"plain","required":true},"config_id":{"type":"number","description_kind":"plain","required":true},"id":{"type":"string","description_kind":"plain","optional":true,"computed":true},"reputation_profile_id":{"type":"number","description_kind":"plain","required":true},"security_policy_id":{"type":"string","description_kind":"plain","required":true}},"description_kind":"plain"}},"akamai_appsec_reputation_profile_analysis":{"version":0,"block":{"attributes":{"config_id":{"type":"number","description_kind":"plain","required":true},"forward_shared_ip_to_http_header_siem":{"type":"bool","description_kind":"plain","required":true},"forward_to_http_header":{"type":"bool","description_kind":"plain","required":true},"id":{"type":"string","description_kind":"plain","optional":true,"computed":true},"security_policy_id":{"type":"string","description_kind":"plain","required":true}},"description_kind":"plain"}},"akamai_appsec_reputation_protection":{"version":0,"block":{"attributes":{"config_id":{"type":"number","description_kind":"plain","required":true},"enabled":{"type":"bool","description_kind":"plain","required":true},"id":{"type":"string","description_kind":"plain","optional":true,"computed":true},"output_text":{"type":"string","description":"Text Export representation","description_kind":"plain","computed":true},"security_policy_id":{"type":"string","description_kind":"plain","required":true}},"description_kind":"plain"}},"akamai_appsec_rule":{"version":0,"block":{"attributes":{"condition_exception":{"type":"string","description_kind":"plain","optional":true},"config_id":{"type":"number","description_kind":"plain","required":true},"id":{"type":"string","description_kind":"plain","optional":true,"computed":true},"rule_action":{"type":"string","description_kind":"plain","optional":true},"rule_id":{"type":"number","description_kind":"plain","required":true},"security_policy_id":{"type":"string","description_kind":"plain","required":true}},"description_kind":"plain"}},"akamai_appsec_rule_upgrade":{"version":0,"block":{"attributes":{"config_id":{"type":"number","description_kind":"plain","required":true},"current_ruleset":{"type":"string","description_kind":"plain","computed":true},"eval_status":{"type":"string","description_kind":"plain","computed":true},"id":{"type":"string","description_kind":"plain","optional":true,"computed":true},"mode":{"type":"string","description_kind":"plain","computed":true},"security_policy_id":{"type":"string","description_kind":"plain","required":true},"upgrade_mode":{"type":"string","description_kind":"plain","optional":true}},"description_kind":"plain"}},"akamai_appsec_security_policy":{"version":0,"block":{"attributes":{"config_id":{"type":"number","description_kind":"plain","required":true},"create_from_security_policy_id":{"type":"string","description_kind":"plain","optional":true},"default_settings":{"type":"bool","description_kind":"plain","optional":true},"id":{"type":"string","description_kind":"plain","optional":true,"computed":true},"security_policy_id":{"type":"string","description":"Policy ID for new policy","description_kind":"plain","computed":true},"security_policy_name":{"type":"string","description_kind":"plain","required":true},"security_policy_prefix":{"type":"string","description_kind":"plain","required":true}},"description_kind":"plain"}},"akamai_appsec_security_policy_rename":{"version":0,"block":{"attributes":{"config_id":{"type":"number","description_kind":"plain","required":true},"id":{"type":"string","description_kind":"plain","optional":true,"computed":true},"security_policy_id":{"type":"string","description_kind":"plain","required":true},"security_policy_name":{"type":"string","description_kind":"plain","required":true}},"description_kind":"plain"}},"akamai_appsec_selected_hostnames":{"version":0,"block":{"attributes":{"config_id":{"type":"number","description_kind":"plain","required":true},"hostnames":{"type":["set","string"],"description_kind":"plain","required":true},"id":{"type":"string","description_kind":"plain","optional":true,"computed":true},"mode":{"type":"string","description_kind":"plain","required":true}},"description_kind":"plain"}},"akamai_appsec_siem_settings":{"version":0,"block":{"attributes":{"config_id":{"type":"number","description_kind":"plain","required":true},"enable_botman_siem":{"type":"bool","description_kind":"plain","required":true},"enable_for_all_policies":{"type":"bool","description_kind":"plain","required":true},"enable_siem":{"type":"bool","description_kind":"plain","required":true},"id":{"type":"string","description_kind":"plain","optional":true,"computed":true},"security_policy_ids":{"type":["set","string"],"description_kind":"plain","optional":true},"siem_id":{"type":"number","description_kind":"plain","required":true}},"description_kind":"plain"}},"akamai_appsec_slow_post":{"version":0,"block":{"attributes":{"config_id":{"type":"number","description_kind":"plain","required":true},"duration_threshold_timeout":{"type":"number","description_kind":"plain","optional":true},"id":{"type":"string","description_kind":"plain","optional":true,"computed":true},"security_policy_id":{"type":"string","description_kind":"plain","required":true},"slow_rate_action":{"type":"string","description_kind":"plain","required":true},"slow_rate_threshold_period":{"type":"number","description_kind":"plain","optional":true},"slow_rate_threshold_rate":{"type":"number","description_kind":"plain","optional":true}},"description_kind":"plain"}},"akamai_appsec_slowpost_protection":{"version":0,"block":{"attributes":{"config_id":{"type":"number","description_kind":"plain","required":true},"enabled":{"type":"bool","description_kind":"plain","required":true},"id":{"type":"string","description_kind":"plain","optional":true,"computed":true},"output_text":{"type":"string","description":"Text Export representation","description_kind":"plain","computed":true},"security_policy_id":{"type":"string","description_kind":"plain","required":true}},"description_kind":"plain"}},"akamai_appsec_threat_intel":{"version":0,"block":{"attributes":{"config_id":{"type":"number","description_kind":"plain","required":true},"id":{"type":"string","description_kind":"plain","optional":true,"computed":true},"security_policy_id":{"type":"string","description_kind":"plain","required":true},"threat_intel":{"type":"string","description_kind":"plain","required":true}},"description_kind":"plain"}},"akamai_appsec_version_notes":{"version":0,"block":{"attributes":{"config_id":{"type":"number","description_kind":"plain","required":true},"id":{"type":"string","description_kind":"plain","optional":true,"computed":true},"output_text":{"type":"string","description":"Text Export representation","description_kind":"plain","computed":true},"version_notes":{"type":"string","description_kind":"plain","required":true}},"description_kind":"plain"}},"akamai_appsec_waf_mode":{"version":0,"block":{"attributes":{"config_id":{"type":"number","description_kind":"plain","required":true},"current_ruleset":{"type":"string","description_kind":"plain","computed":true},"eval_expiration_date":{"type":"string","description_kind":"plain","computed":true},"eval_ruleset":{"type":"string","description_kind":"plain","computed":true},"eval_status":{"type":"string","description_kind":"plain","computed":true},"id":{"type":"string","description_kind":"plain","optional":true,"computed":true},"mode":{"type":"string","description_kind":"plain","required":true},"output_text":{"type":"string","description":"Text Export representation","description_kind":"plain","computed":true},"security_policy_id":{"type":"string","description_kind":"plain","required":true}},"description_kind":"plain"}},"akamai_appsec_waf_protection":{"version":0,"block":{"attributes":{"config_id":{"type":"number","description_kind":"plain","required":true},"enabled":{"type":"bool","description_kind":"plain","required":true},"id":{"type":"string","description_kind":"plain","optional":true,"computed":true},"output_text":{"type":"string","description":"Text Export representation","description_kind":"plain","computed":true},"security_policy_id":{"type":"string","description_kind":"plain","required":true}},"description_kind":"plain"}},"akamai_appsec_wap_selected_hostnames":{"version":0,"block":{"attributes":{"config_id":{"type":"number","description_kind":"plain","required":true},"evaluated_hosts":{"type":["set","string"],"description_kind":"plain","optional":true},"id":{"type":"string","description_kind":"plain","optional":true,"computed":true},"protected_hosts":{"type":["set","string"],"description_kind":"plain","optional":true},"security_policy_id":{"type":"string","description_kind":"plain","required":true}},"description_kind":"plain"}},"akamai_cp_code":{"version":0,"block":{"attributes":{"contract":{"type":"string","description_kind":"plain","deprecated":true,"optional":true,"computed":true},"contract_id":{"type":"string","description_kind":"plain","optional":true,"computed":true},"group":{"type":"string","description_kind":"plain","deprecated":true,"optional":true,"computed":true},"group_id":{"type":"string","description_kind":"plain","optional":true,"computed":true},"id":{"type":"string","description_kind":"plain","optional":true,"computed":true},"name":{"type":"string","description_kind":"plain","required":true},"product":{"type":"string","description_kind":"plain","deprecated":true,"optional":true,"computed":true},"product_id":{"type":"string","description_kind":"plain","optional":true,"computed":true}},"description_kind":"plain"}},"akamai_cps_dv_enrollment":{"version":0,"block":{"attributes":{"acknowledge_pre_verification_warnings":{"type":"bool","description_kind":"plain","optional":true},"certificate_chain_type":{"type":"string","description_kind":"plain","optional":true},"certificate_type":{"type":"string","description_kind":"plain","computed":true},"common_name":{"type":"string","description_kind":"plain","required":true},"contract_id":{"type":"string","description_kind":"plain","required":true},"dns_challenges":{"type":["set",["object",{"domain":"string","full_path":"string","response_body":"string"}]],"description_kind":"plain","computed":true},"enable_multi_stacked_certificates":{"type":"bool","description_kind":"plain","optional":true},"http_challenges":{"type":["set",["object",{"domain":"string","full_path":"string","response_body":"string"}]],"description_kind":"plain","computed":true},"id":{"type":"string","description_kind":"plain","optional":true,"computed":true},"registration_authority":{"type":"string","description_kind":"plain","computed":true},"sans":{"type":["set","string"],"description_kind":"plain","optional":true},"secure_network":{"type":"string","description_kind":"plain","required":true},"signature_algorithm":{"type":"string","description_kind":"plain","required":true},"sni_only":{"type":"bool","description_kind":"plain","required":true},"validation_type":{"type":"string","description_kind":"plain","computed":true}},"block_types":{"admin_contact":{"nesting_mode":"set","block":{"attributes":{"address_line_one":{"type":"string","description_kind":"plain","required":true},"address_line_two":{"type":"string","description_kind":"plain","optional":true},"city":{"type":"string","description_kind":"plain","required":true},"country_code":{"type":"string","description_kind":"plain","required":true},"email":{"type":"string","description_kind":"plain","required":true},"first_name":{"type":"string","description_kind":"plain","required":true},"last_name":{"type":"string","description_kind":"plain","required":true},"organization":{"type":"string","description_kind":"plain","required":true},"phone":{"type":"string","description_kind":"plain","required":true},"postal_code":{"type":"string","description_kind":"plain","required":true},"region":{"type":"string","description_kind":"plain","required":true},"title":{"type":"string","description_kind":"plain","optional":true}},"description_kind":"plain"},"min_items":1,"max_items":1},"csr":{"nesting_mode":"set","block":{"attributes":{"city":{"type":"string","description_kind":"plain","required":true},"country_code":{"type":"string","description_kind":"plain","required":true},"organization":{"type":"string","description_kind":"plain","required":true},"organizational_unit":{"type":"string","description_kind":"plain","required":true},"state":{"type":"string","description_kind":"plain","required":true}},"description_kind":"plain"},"min_items":1,"max_items":1},"network_configuration":{"nesting_mode":"set","block":{"attributes":{"clone_dns_names":{"type":"bool","description_kind":"plain","optional":true},"disallowed_tls_versions":{"type":["set","string"],"description_kind":"plain","optional":true},"geography":{"type":"string","description_kind":"plain","required":true},"must_have_ciphers":{"type":"string","description_kind":"plain","optional":true},"ocsp_stapling":{"type":"string","description_kind":"plain","optional":true},"preferred_ciphers":{"type":"string","description_kind":"plain","optional":true},"quic_enabled":{"type":"bool","description_kind":"plain","optional":true}},"block_types":{"client_mutual_authentication":{"nesting_mode":"set","block":{"attributes":{"ocsp_enabled":{"type":"bool","description_kind":"plain","optional":true},"send_ca_list_to_client":{"type":"bool","description_kind":"plain","optional":true},"set_id":{"type":"string","description_kind":"plain","optional":true}},"description_kind":"plain"},"max_items":1}},"description_kind":"plain"},"min_items":1,"max_items":1},"organization":{"nesting_mode":"set","block":{"attributes":{"address_line_one":{"type":"string","description_kind":"plain","required":true},"address_line_two":{"type":"string","description_kind":"plain","optional":true},"city":{"type":"string","description_kind":"plain","required":true},"country_code":{"type":"string","description_kind":"plain","required":true},"name":{"type":"string","description_kind":"plain","required":true},"phone":{"type":"string","description_kind":"plain","required":true},"postal_code":{"type":"string","description_kind":"plain","required":true},"region":{"type":"string","description_kind":"plain","required":true}},"description_kind":"plain"},"min_items":1,"max_items":1},"tech_contact":{"nesting_mode":"set","block":{"attributes":{"address_line_one":{"type":"string","description_kind":"plain","required":true},"address_line_two":{"type":"string","description_kind":"plain","optional":true},"city":{"type":"string","description_kind":"plain","required":true},"country_code":{"type":"string","description_kind":"plain","required":true},"email":{"type":"string","description_kind":"plain","required":true},"first_name":{"type":"string","description_kind":"plain","required":true},"last_name":{"type":"string","description_kind":"plain","required":true},"organization":{"type":"string","description_kind":"plain","required":true},"phone":{"type":"string","description_kind":"plain","required":true},"postal_code":{"type":"string","description_kind":"plain","required":true},"region":{"type":"string","description_kind":"plain","required":true},"title":{"type":"string","description_kind":"plain","optional":true}},"description_kind":"plain"},"min_items":1,"max_items":1}},"description_kind":"plain"}},"akamai_cps_dv_validation":{"version":0,"block":{"attributes":{"enrollment_id":{"type":"number","description_kind":"plain","required":true},"id":{"type":"string","description_kind":"plain","optional":true,"computed":true},"sans":{"type":["set","string"],"description_kind":"plain","optional":true},"status":{"type":"string","description_kind":"plain","computed":true}},"description_kind":"plain"}},"akamai_datastream":{"version":0,"block":{"attributes":{"active":{"type":"bool","description":"Defining if stream should be active or not","description_kind":"plain","required":true},"contract_id":{"type":"string","description":"Identifies the contract that has access to the product","description_kind":"plain","required":true},"created_by":{"type":"string","description":"The username who created the stream","description_kind":"plain","computed":true},"created_date":{"type":"string","description":"The date and time when the stream was created","description_kind":"plain","computed":true},"dataset_fields_ids":{"type":["list","number"],"description":"A list of data set fields selected from the associated template that the stream monitors in logs. The order of the identifiers define how the value for these fields appear in the log lines","description_kind":"plain","required":true},"email_ids":{"type":["list","string"],"description":"List of email addresses where the system sends notifications about activations and deactivations of the stream","description_kind":"plain","optional":true},"group_id":{"type":"string","description":"Identifies the group that has access to the product and for which the stream configuration was created","description_kind":"plain","required":true},"group_name":{"type":"string","description":"The name of the user group for which the stream was created","description_kind":"plain","computed":true},"id":{"type":"string","description_kind":"plain","optional":true,"computed":true},"modified_by":{"type":"string","description":"The username who modified the stream","description_kind":"plain","computed":true},"modified_date":{"type":"string","description":"The date and time when the stream was modified","description_kind":"plain","computed":true},"papi_json":{"type":"string","description":"The configuration in JSON format that can be copy-pasted into PAPI configuration to enable datastream behavior","description_kind":"plain","computed":true},"product_id":{"type":"string","description":"The ID of the product for which the stream was created","description_kind":"plain","computed":true},"product_name":{"type":"string","description":"The name of the product for which the stream was created","description_kind":"plain","computed":true},"property_ids":{"type":["list","string"],"description":"Identifies the properties monitored in the stream","description_kind":"plain","required":true},"stream_name":{"type":"string","description":"The name of the stream","description_kind":"plain","required":true},"stream_type":{"type":"string","description":"Specifies the type of the data stream","description_kind":"plain","required":true},"stream_version_id":{"type":"number","description":"Identifies the configuration version of the stream","description_kind":"plain","computed":true},"template_name":{"type":"string","description":"The name of the template associated with the stream","description_kind":"plain","required":true}},"block_types":{"azure_connector":{"nesting_mode":"set","block":{"attributes":{"access_key":{"type":"string","description":"Access keys associated with Azure Storage account","description_kind":"plain","required":true,"sensitive":true},"account_name":{"type":"string","description":"Specifies the Azure Storage account name","description_kind":"plain","required":true},"compress_logs":{"type":"bool","description":"Indicates whether the logs should be compressed","description_kind":"plain","computed":true},"connector_id":{"type":"number","description":"Identifies the connector associated with the stream","description_kind":"plain","computed":true},"connector_name":{"type":"string","description":"The name of the connector","description_kind":"plain","required":true},"container_name":{"type":"string","description":"Specifies the Azure Storage container name","description_kind":"plain","required":true},"path":{"type":"string","description":"The path to the folder within Azure Storage container where logs will be stored","description_kind":"plain","required":true}},"description_kind":"plain"},"max_items":1},"config":{"nesting_mode":"set","block":{"attributes":{"delimiter":{"type":"string","description":"A delimiter that you use to separate data set fields in log lines","description_kind":"plain","optional":true},"format":{"type":"string","description":"The format in which logs will be received","description_kind":"plain","required":true},"upload_file_prefix":{"type":"string","description":"The prefix of the log file that will be send to a destination","description_kind":"plain","optional":true},"upload_file_suffix":{"type":"string","description":"The suffix of the log file that will be send to a destination","description_kind":"plain","optional":true}},"block_types":{"frequency":{"nesting_mode":"set","block":{"attributes":{"time_in_sec":{"type":"number","description":"The time in seconds after which the system bundles log lines into a file and sends it to a destination","description_kind":"plain","required":true}},"description":"The frequency of collecting logs from each uploader and sending these logs to a destination","description_kind":"plain"},"min_items":1,"max_items":1}},"description":"Provides information about the configuration related to logs (format, file names, delivery frequency)","description_kind":"plain"},"min_items":1,"max_items":1},"datadog_connector":{"nesting_mode":"set","block":{"attributes":{"auth_token":{"type":"string","description":"The API key associated with Datadog account","description_kind":"plain","required":true,"sensitive":true},"compress_logs":{"type":"bool","description":"Indicates whether the logs should be compressed","description_kind":"plain","optional":true},"connector_id":{"type":"number","description":"Identifies the connector associated with the stream","description_kind":"plain","computed":true},"connector_name":{"type":"string","description":"The name of the connector","description_kind":"plain","required":true},"service":{"type":"string","description":"The service of the Datadog connector","description_kind":"plain","optional":true},"source":{"type":"string","description":"The source of the Datadog connector","description_kind":"plain","optional":true},"tags":{"type":"string","description":"The tags of the Datadog connector","description_kind":"plain","optional":true},"url":{"type":"string","description":"The Datadog endpoint where logs will be stored","description_kind":"plain","required":true}},"description_kind":"plain"},"max_items":1},"gcs_connector":{"nesting_mode":"set","block":{"attributes":{"bucket":{"type":"string","description":"The name of the storage bucket created in Google Cloud account","description_kind":"plain","required":true},"compress_logs":{"type":"bool","description":"Indicates whether the logs should be compressed","description_kind":"plain","computed":true},"connector_id":{"type":"number","description":"Identifies the connector associated with the stream","description_kind":"plain","computed":true},"connector_name":{"type":"string","description":"The name of the connector","description_kind":"plain","required":true},"path":{"type":"string","description":"The path to the folder within Google Cloud bucket where logs will be stored","description_kind":"plain","optional":true},"private_key":{"type":"string","description":"The contents of the JSON private key generated and downloaded in Google Cloud Storage account","description_kind":"plain","required":true,"sensitive":true},"project_id":{"type":"string","description":"The unique ID of Google Cloud project","description_kind":"plain","required":true},"service_account_name":{"type":"string","description":"The name of the service account with the storage.object.create permission or Storage Object Creator role","description_kind":"plain","required":true}},"description_kind":"plain"},"max_items":1},"https_connector":{"nesting_mode":"set","block":{"attributes":{"authentication_type":{"type":"string","description":"Either NONE for no authentication, or BASIC for username and password authentication","description_kind":"plain","required":true},"compress_logs":{"type":"bool","description":"Indicates whether the logs should be compressed","description_kind":"plain","optional":true},"connector_id":{"type":"number","description":"Identifies the connector associated with the stream","description_kind":"plain","computed":true},"connector_name":{"type":"string","description":"The name of the connector","description_kind":"plain","required":true},"password":{"type":"string","description":"Password set for custom HTTPS endpoint for authentication","description_kind":"plain","optional":true,"sensitive":true},"url":{"type":"string","description":"URL where logs will be stored","description_kind":"plain","required":true},"user_name":{"type":"string","description":"Username used for authentication","description_kind":"plain","optional":true,"sensitive":true}},"description_kind":"plain"},"max_items":1},"oracle_connector":{"nesting_mode":"set","block":{"attributes":{"access_key":{"type":"string","description":"The access key identifier used to authenticate requests to the Oracle Cloud account","description_kind":"plain","required":true,"sensitive":true},"bucket":{"type":"string","description":"The name of the Oracle Cloud Storage bucket","description_kind":"plain","required":true},"compress_logs":{"type":"bool","description":"Indicates whether the logs should be compressed","description_kind":"plain","computed":true},"connector_id":{"type":"number","description":"Identifies the connector associated with the stream","description_kind":"plain","computed":true},"connector_name":{"type":"string","description":"The name of the connector","description_kind":"plain","required":true},"namespace":{"type":"string","description":"The namespace of Oracle Cloud Storage account","description_kind":"plain","required":true},"path":{"type":"string","description":"The path to the folder within your Oracle Cloud Storage bucket where logs will be stored","description_kind":"plain","required":true},"region":{"type":"string","description":"The Oracle Cloud Storage region where bucket resides","description_kind":"plain","required":true},"secret_access_key":{"type":"string","description":"The secret access key identifier used to authenticate requests to the Oracle Cloud account","description_kind":"plain","required":true,"sensitive":true}},"description_kind":"plain"},"max_items":1},"s3_connector":{"nesting_mode":"set","block":{"attributes":{"access_key":{"type":"string","description":"The access key identifier used to authenticate requests to the Amazon S3 account","description_kind":"plain","required":true,"sensitive":true},"bucket":{"type":"string","description":"The name of the Amazon S3 bucket","description_kind":"plain","required":true},"compress_logs":{"type":"bool","description":"Indicates whether the logs should be compressed","description_kind":"plain","computed":true},"connector_id":{"type":"number","description":"Identifies the connector associated with the stream","description_kind":"plain","computed":true},"connector_name":{"type":"string","description":"The name of the connector","description_kind":"plain","required":true},"path":{"type":"string","description":"The path to the folder within Amazon S3 bucket where logs will be stored","description_kind":"plain","required":true},"region":{"type":"string","description":"The AWS region where Amazon S3 bucket resides","description_kind":"plain","required":true},"secret_access_key":{"type":"string","description":"The secret access key identifier used to authenticate requests to the Amazon S3 account","description_kind":"plain","required":true,"sensitive":true}},"description_kind":"plain"},"max_items":1},"splunk_connector":{"nesting_mode":"set","block":{"attributes":{"compress_logs":{"type":"bool","description":"Indicates whether the logs should be compressed","description_kind":"plain","optional":true},"connector_id":{"type":"number","description":"Identifies the connector associated with the stream","description_kind":"plain","computed":true},"connector_name":{"type":"string","description":"The name of the connector","description_kind":"plain","required":true},"event_collector_token":{"type":"string","description":"The Event Collector token associated with Splunk account","description_kind":"plain","required":true,"sensitive":true},"url":{"type":"string","description":"The raw event Splunk URL where logs will be stored","description_kind":"plain","required":true}},"description_kind":"plain"},"max_items":1},"sumologic_connector":{"nesting_mode":"set","block":{"attributes":{"collector_code":{"type":"string","description":"The unique HTTP collector code of Sumo Logic endpoint","description_kind":"plain","required":true,"sensitive":true},"compress_logs":{"type":"bool","description":"Indicates whether the logs should be compressed","description_kind":"plain","optional":true},"connector_id":{"type":"number","description":"Identifies the connector associated with the stream","description_kind":"plain","computed":true},"connector_name":{"type":"string","description":"The name of the connector","description_kind":"plain","required":true},"endpoint":{"type":"string","description":"The Sumo Logic collection endpoint where logs will be stored","description_kind":"plain","required":true}},"description_kind":"plain"},"max_items":1},"timeouts":{"nesting_mode":"single","block":{"attributes":{"default":{"type":"string","description_kind":"plain","optional":true}},"description_kind":"plain"}}},"description_kind":"plain"}},"akamai_dns_record":{"version":0,"block":{"attributes":{"active":{"type":"bool","description_kind":"plain","optional":true},"algorithm":{"type":"number","description_kind":"plain","optional":true},"answer_type":{"type":"string","description_kind":"plain","computed":true},"certificate":{"type":"string","description_kind":"plain","optional":true},"digest":{"type":"string","description_kind":"plain","optional":true},"digest_type":{"type":"number","description_kind":"plain","optional":true},"dns_name":{"type":"string","description_kind":"plain","computed":true},"email_address":{"type":"string","description_kind":"plain","optional":true},"expiration":{"type":"string","description_kind":"plain","optional":true},"expiry":{"type":"number","description_kind":"plain","optional":true},"fingerprint":{"type":"string","description_kind":"plain","optional":true},"fingerprint_type":{"type":"number","description_kind":"plain","optional":true},"flags":{"type":"number","description_kind":"plain","optional":true},"flagsnaptr":{"type":"string","description_kind":"plain","optional":true},"hardware":{"type":"string","description_kind":"plain","optional":true},"id":{"type":"string","description_kind":"plain","optional":true,"computed":true},"inception":{"type":"string","description_kind":"plain","optional":true},"iterations":{"type":"number","description_kind":"plain","optional":true},"key":{"type":"string","description_kind":"plain","optional":true},"keytag":{"type":"number","description_kind":"plain","optional":true},"labels":{"type":"number","description_kind":"plain","optional":true},"mailbox":{"type":"string","description_kind":"plain","optional":true},"match_type":{"type":"number","description_kind":"plain","optional":true},"name":{"type":"string","description_kind":"plain","required":true},"name_server":{"type":"string","description_kind":"plain","optional":true},"next_hashed_owner_name":{"type":"string","description_kind":"plain","optional":true},"nxdomain_ttl":{"type":"number","description_kind":"plain","optional":true},"order":{"type":"number","description_kind":"plain","optional":true},"original_ttl":{"type":"number","description_kind":"plain","optional":true},"port":{"type":"number","description_kind":"plain","optional":true},"preference":{"type":"number","description_kind":"plain","optional":true},"priority":{"type":"number","description_kind":"plain","optional":true},"priority_increment":{"type":"number","description_kind":"plain","optional":true},"protocol":{"type":"number","description_kind":"plain","optional":true},"record_sha":{"type":"string","description_kind":"plain","computed":true},"recordtype":{"type":"string","description_kind":"plain","required":true},"refresh":{"type":"number","description_kind":"plain","optional":true},"regexp":{"type":"string","description_kind":"plain","optional":true},"replacement":{"type":"string","description_kind":"plain","optional":true},"retry":{"type":"number","description_kind":"plain","optional":true},"salt":{"type":"string","description_kind":"plain","optional":true},"selector":{"type":"number","description_kind":"plain","optional":true},"serial":{"type":"number","description_kind":"plain","computed":true},"service":{"type":"string","description_kind":"plain","optional":true},"signature":{"type":"string","description_kind":"plain","optional":true},"signer":{"type":"string","description_kind":"plain","optional":true},"software":{"type":"string","description_kind":"plain","optional":true},"subtype":{"type":"number","description_kind":"plain","optional":true},"svc_params":{"type":"string","description_kind":"plain","optional":true},"svc_priority":{"type":"number","description_kind":"plain","optional":true},"target":{"type":["list","string"],"description_kind":"plain","optional":true},"target_name":{"type":"string","description_kind":"plain","optional":true},"ttl":{"type":"number","description_kind":"plain","required":true},"txt":{"type":"string","description_kind":"plain","optional":true},"type_bitmaps":{"type":"string","description_kind":"plain","optional":true},"type_covered":{"type":"string","description_kind":"plain","optional":true},"type_mnemonic":{"type":"string","description_kind":"plain","optional":true},"type_value":{"type":"number","description_kind":"plain","optional":true},"usage":{"type":"number","description_kind":"plain","optional":true},"weight":{"type":"number","description_kind":"plain","optional":true},"zone":{"type":"string","description_kind":"plain","required":true}},"description_kind":"plain"}},"akamai_dns_zone":{"version":0,"block":{"attributes":{"activation_state":{"type":"string","description_kind":"plain","computed":true},"alias_count":{"type":"number","description_kind":"plain","computed":true},"comment":{"type":"string","description_kind":"plain","optional":true},"contract":{"type":"string","description_kind":"plain","required":true},"end_customer_id":{"type":"string","description_kind":"plain","optional":true},"group":{"type":"string","description_kind":"plain","optional":true},"id":{"type":"string","description_kind":"plain","optional":true,"computed":true},"masters":{"type":["set","string"],"description_kind":"plain","optional":true},"sign_and_serve":{"type":"bool","description_kind":"plain","optional":true},"sign_and_serve_algorithm":{"type":"string","description_kind":"plain","optional":true},"target":{"type":"string","description_kind":"plain","optional":true},"type":{"type":"string","description_kind":"plain","required":true},"version_id":{"type":"string","description_kind":"plain","computed":true},"zone":{"type":"string","description_kind":"plain","required":true}},"block_types":{"tsig_key":{"nesting_mode":"list","block":{"attributes":{"algorithm":{"type":"string","description_kind":"plain","required":true},"name":{"type":"string","description_kind":"plain","required":true},"secret":{"type":"string","description_kind":"plain","required":true}},"description_kind":"plain"},"max_items":1}},"description_kind":"plain"}},"akamai_edge_hostname":{"version":0,"block":{"attributes":{"certificate":{"type":"number","description_kind":"plain","optional":true},"contract":{"type":"string","description_kind":"plain","deprecated":true,"optional":true,"computed":true},"contract_id":{"type":"string","description_kind":"plain","optional":true,"computed":true},"edge_hostname":{"type":"string","description_kind":"plain","required":true},"group":{"type":"string","description_kind":"plain","deprecated":true,"optional":true,"computed":true},"group_id":{"type":"string","description_kind":"plain","optional":true,"computed":true},"id":{"type":"string","description_kind":"plain","optional":true,"computed":true},"ip_behavior":{"type":"string","description_kind":"plain","required":true},"product":{"type":"string","description_kind":"plain","deprecated":true,"optional":true,"computed":true},"product_id":{"type":"string","description_kind":"plain","optional":true,"computed":true}},"description_kind":"plain"}},"akamai_gtm_asmap":{"version":0,"block":{"attributes":{"default_datacenter":{"type":["list",["object",{"datacenter_id":"number","nickname":"string"}]],"description_kind":"plain","required":true},"domain":{"type":"string","description_kind":"plain","required":true},"id":{"type":"string","description_kind":"plain","optional":true,"computed":true},"name":{"type":"string","description_kind":"plain","required":true},"wait_on_complete":{"type":"bool","description_kind":"plain","optional":true}},"block_types":{"assignment":{"nesting_mode":"list","block":{"attributes":{"as_numbers":{"type":["list","number"],"description_kind":"plain","required":true},"datacenter_id":{"type":"number","description_kind":"plain","required":true},"nickname":{"type":"string","description_kind":"plain","required":true}},"description_kind":"plain"}}},"description_kind":"plain"}},"akamai_gtm_cidrmap":{"version":0,"block":{"attributes":{"domain":{"type":"string","description_kind":"plain","required":true},"id":{"type":"string","description_kind":"plain","optional":true,"computed":true},"name":{"type":"string","description_kind":"plain","required":true},"wait_on_complete":{"type":"bool","description_kind":"plain","optional":true}},"block_types":{"assignment":{"nesting_mode":"list","block":{"attributes":{"blocks":{"type":["list","string"],"description_kind":"plain","optional":true},"datacenter_id":{"type":"number","description_kind":"plain","required":true},"nickname":{"type":"string","description_kind":"plain","required":true}},"description_kind":"plain"}},"default_datacenter":{"nesting_mode":"list","block":{"attributes":{"datacenter_id":{"type":"number","description_kind":"plain","required":true},"nickname":{"type":"string","description_kind":"plain","optional":true}},"description_kind":"plain"},"min_items":1,"max_items":1}},"description_kind":"plain"}},"akamai_gtm_datacenter":{"version":0,"block":{"attributes":{"city":{"type":"string","description_kind":"plain","optional":true},"clone_of":{"type":"number","description_kind":"plain","optional":true},"cloud_server_host_header_override":{"type":"bool","description_kind":"plain","optional":true},"cloud_server_targeting":{"type":"bool","description_kind":"plain","optional":true},"continent":{"type":"string","description_kind":"plain","optional":true},"country":{"type":"string","description_kind":"plain","optional":true},"datacenter_id":{"type":"number","description_kind":"plain","computed":true},"domain":{"type":"string","description_kind":"plain","required":true},"id":{"type":"string","description_kind":"plain","optional":true,"computed":true},"latitude":{"type":"number","description_kind":"plain","optional":true},"longitude":{"type":"number","description_kind":"plain","optional":true},"nickname":{"type":"string","description_kind":"plain","optional":true},"ping_interval":{"type":"number","description_kind":"plain","computed":true},"ping_packet_size":{"type":"number","description_kind":"plain","computed":true},"score_penalty":{"type":"number","description_kind":"plain","computed":true},"servermonitor_liveness_count":{"type":"number","description_kind":"plain","computed":true},"servermonitor_load_count":{"type":"number","description_kind":"plain","computed":true},"servermonitor_pool":{"type":"string","description_kind":"plain","computed":true},"state_or_province":{"type":"string","description_kind":"plain","optional":true},"virtual":{"type":"bool","description_kind":"plain","computed":true},"wait_on_complete":{"type":"bool","description_kind":"plain","optional":true}},"block_types":{"default_load_object":{"nesting_mode":"list","block":{"attributes":{"load_object":{"type":"string","description_kind":"plain","optional":true},"load_object_port":{"type":"number","description_kind":"plain","optional":true},"load_servers":{"type":["list","string"],"description_kind":"plain","optional":true}},"description_kind":"plain"},"max_items":1}},"description_kind":"plain"}},"akamai_gtm_domain":{"version":0,"block":{"attributes":{"cname_coalescing_enabled":{"type":"bool","description_kind":"plain","optional":true},"comment":{"type":"string","description_kind":"plain","optional":true},"contract":{"type":"string","description_kind":"plain","optional":true},"default_error_penalty":{"type":"number","description_kind":"plain","optional":true},"default_health_max":{"type":"number","description_kind":"plain","computed":true},"default_health_multiplier":{"type":"number","description_kind":"plain","computed":true},"default_health_threshold":{"type":"number","description_kind":"plain","computed":true},"default_max_unreachable_penalty":{"type":"number","description_kind":"plain","computed":true},"default_ssl_client_certificate":{"type":"string","description_kind":"plain","optional":true},"default_ssl_client_private_key":{"type":"string","description_kind":"plain","optional":true},"default_timeout_penalty":{"type":"number","description_kind":"plain","optional":true},"default_unreachable_threshold":{"type":"number","description_kind":"plain","computed":true},"email_notification_list":{"type":["list","string"],"description_kind":"plain","optional":true},"end_user_mapping_enabled":{"type":"bool","description_kind":"plain","optional":true},"group":{"type":"string","description_kind":"plain","optional":true},"id":{"type":"string","description_kind":"plain","optional":true,"computed":true},"load_feedback":{"type":"bool","description_kind":"plain","optional":true},"load_imbalance_percentage":{"type":"number","description_kind":"plain","optional":true},"map_update_interval":{"type":"number","description_kind":"plain","computed":true},"max_properties":{"type":"number","description_kind":"plain","computed":true},"max_resources":{"type":"number","description_kind":"plain","computed":true},"max_test_timeout":{"type":"number","description_kind":"plain","computed":true},"max_ttl":{"type":"number","description_kind":"plain","computed":true},"min_pingable_region_fraction":{"type":"number","description_kind":"plain","computed":true},"min_test_interval":{"type":"number","description_kind":"plain","computed":true},"min_ttl":{"type":"number","description_kind":"plain","computed":true},"name":{"type":"string","description_kind":"plain","required":true},"ping_interval":{"type":"number","description_kind":"plain","computed":true},"ping_packet_size":{"type":"number","description_kind":"plain","computed":true},"round_robin_prefix":{"type":"string","description_kind":"plain","computed":true},"servermonitor_liveness_count":{"type":"number","description_kind":"plain","computed":true},"servermonitor_load_count":{"type":"number","description_kind":"plain","computed":true},"servermonitor_pool":{"type":"string","description_kind":"plain","computed":true},"type":{"type":"string","description_kind":"plain","required":true},"wait_on_complete":{"type":"bool","description_kind":"plain","optional":true}},"description_kind":"plain"}},"akamai_gtm_geomap":{"version":0,"block":{"attributes":{"default_datacenter":{"type":["list",["object",{"datacenter_id":"number","nickname":"string"}]],"description_kind":"plain","required":true},"domain":{"type":"string","description_kind":"plain","required":true},"id":{"type":"string","description_kind":"plain","optional":true,"computed":true},"name":{"type":"string","description_kind":"plain","required":true},"wait_on_complete":{"type":"bool","description_kind":"plain","optional":true}},"block_types":{"assignment":{"nesting_mode":"list","block":{"attributes":{"countries":{"type":["list","string"],"description_kind":"plain","optional":true},"datacenter_id":{"type":"number","description_kind":"plain","required":true},"nickname":{"type":"string","description_kind":"plain","required":true}},"description_kind":"plain"}}},"description_kind":"plain"}},"akamai_gtm_property":{"version":0,"block":{"attributes":{"backup_cname":{"type":"string","description_kind":"plain","optional":true},"backup_ip":{"type":"string","description_kind":"plain","optional":true},"balance_by_download_score":{"type":"bool","description_kind":"plain","optional":true},"cname":{"type":"string","description_kind":"plain","optional":true},"comments":{"type":"string","description_kind":"plain","optional":true},"domain":{"type":"string","description_kind":"plain","required":true},"dynamic_ttl":{"type":"number","description_kind":"plain","optional":true},"failback_delay":{"type":"number","description_kind":"plain","optional":true},"failover_delay":{"type":"number","description_kind":"plain","optional":true},"ghost_demand_reporting":{"type":"bool","description_kind":"plain","optional":true},"handout_limit":{"type":"number","description_kind":"plain","required":true},"handout_mode":{"type":"string","description_kind":"plain","required":true},"health_max":{"type":"number","description_kind":"plain","optional":true},"health_multiplier":{"type":"number","description_kind":"plain","optional":true},"health_threshold":{"type":"number","description_kind":"plain","optional":true},"id":{"type":"string","description_kind":"plain","optional":true,"computed":true},"ipv6":{"type":"bool","description_kind":"plain","optional":true},"load_imbalance_percentage":{"type":"number","description_kind":"plain","optional":true},"map_name":{"type":"string","description_kind":"plain","optional":true},"max_unreachable_penalty":{"type":"number","description_kind":"plain","optional":true},"min_live_fraction":{"type":"number","description_kind":"plain","optional":true},"name":{"type":"string","description_kind":"plain","required":true},"score_aggregation_type":{"type":"string","description_kind":"plain","required":true},"static_ttl":{"type":"number","description_kind":"plain","optional":true},"stickiness_bonus_constant":{"type":"number","description_kind":"plain","optional":true},"stickiness_bonus_percentage":{"type":"number","description_kind":"plain","optional":true},"type":{"type":"string","description_kind":"plain","required":true},"unreachable_threshold":{"type":"number","description_kind":"plain","optional":true},"use_computed_targets":{"type":"bool","description_kind":"plain","optional":true},"wait_on_complete":{"type":"bool","description_kind":"plain","optional":true},"weighted_hash_bits_for_ipv4":{"type":"number","description_kind":"plain","computed":true},"weighted_hash_bits_for_ipv6":{"type":"number","description_kind":"plain","computed":true}},"block_types":{"liveness_test":{"nesting_mode":"list","block":{"attributes":{"answers_required":{"type":"bool","description_kind":"plain","optional":true},"disable_nonstandard_port_warning":{"type":"bool","description_kind":"plain","optional":true},"disabled":{"type":"bool","description_kind":"plain","optional":true},"error_penalty":{"type":"number","description_kind":"plain","optional":true},"http_error3xx":{"type":"bool","description_kind":"plain","optional":true},"http_error4xx":{"type":"bool","description_kind":"plain","optional":true},"http_error5xx":{"type":"bool","description_kind":"plain","optional":true},"name":{"type":"string","description_kind":"plain","required":true},"peer_certificate_verification":{"type":"bool","description_kind":"plain","optional":true},"recursion_requested":{"type":"bool","description_kind":"plain","optional":true},"request_string":{"type":"string","description_kind":"plain","optional":true},"resource_type":{"type":"string","description_kind":"plain","optional":true},"response_string":{"type":"string","description_kind":"plain","optional":true},"ssl_client_certificate":{"type":"string","description_kind":"plain","optional":true},"ssl_client_private_key":{"type":"string","description_kind":"plain","optional":true},"test_interval":{"type":"number","description_kind":"plain","required":true},"test_object":{"type":"string","description_kind":"plain","required":true},"test_object_password":{"type":"string","description_kind":"plain","optional":true},"test_object_port":{"type":"number","description_kind":"plain","optional":true},"test_object_protocol":{"type":"string","description_kind":"plain","required":true},"test_object_username":{"type":"string","description_kind":"plain","optional":true},"test_timeout":{"type":"number","description_kind":"plain","required":true},"timeout_penalty":{"type":"number","description_kind":"plain","optional":true}},"block_types":{"http_header":{"nesting_mode":"list","block":{"attributes":{"name":{"type":"string","description_kind":"plain","optional":true},"value":{"type":"string","description_kind":"plain","optional":true}},"description_kind":"plain"}}},"description_kind":"plain"}},"static_rr_set":{"nesting_mode":"list","block":{"attributes":{"rdata":{"type":["list","string"],"description_kind":"plain","optional":true},"ttl":{"type":"number","description_kind":"plain","optional":true},"type":{"type":"string","description_kind":"plain","optional":true}},"description_kind":"plain"}},"traffic_target":{"nesting_mode":"list","block":{"attributes":{"datacenter_id":{"type":"number","description_kind":"plain","optional":true},"enabled":{"type":"bool","description_kind":"plain","optional":true},"handout_cname":{"type":"string","description_kind":"plain","optional":true},"name":{"type":"string","description_kind":"plain","optional":true},"servers":{"type":["list","string"],"description_kind":"plain","optional":true},"weight":{"type":"number","description_kind":"plain","optional":true}},"description_kind":"plain"}}},"description_kind":"plain"}},"akamai_gtm_resource":{"version":0,"block":{"attributes":{"aggregation_type":{"type":"string","description_kind":"plain","required":true},"constrained_property":{"type":"string","description_kind":"plain","optional":true},"decay_rate":{"type":"number","description_kind":"plain","optional":true},"description":{"type":"string","description_kind":"plain","optional":true},"domain":{"type":"string","description_kind":"plain","required":true},"host_header":{"type":"string","description_kind":"plain","optional":true},"id":{"type":"string","description_kind":"plain","optional":true,"computed":true},"leader_string":{"type":"string","description_kind":"plain","optional":true},"least_squares_decay":{"type":"number","description_kind":"plain","optional":true},"load_imbalance_percentage":{"type":"number","description_kind":"plain","optional":true},"max_u_multiplicative_increment":{"type":"number","description_kind":"plain","optional":true},"name":{"type":"string","description_kind":"plain","required":true},"type":{"type":"string","description_kind":"plain","required":true},"upper_bound":{"type":"number","description_kind":"plain","optional":true},"wait_on_complete":{"type":"bool","description_kind":"plain","optional":true}},"block_types":{"resource_instance":{"nesting_mode":"list","block":{"attributes":{"datacenter_id":{"type":"number","description_kind":"plain","required":true},"load_object":{"type":"string","description_kind":"plain","optional":true},"load_object_port":{"type":"number","description_kind":"plain","optional":true},"load_servers":{"type":["list","string"],"description_kind":"plain","optional":true},"use_default_load_object":{"type":"bool","description_kind":"plain","optional":true}},"description_kind":"plain"}}},"description_kind":"plain"}},"akamai_iam_user":{"version":0,"block":{"attributes":{"address":{"type":"string","description":"The user's street address","description_kind":"plain","optional":true,"computed":true},"auth_grants_json":{"type":"string","description":"A user's per-group role assignments, in JSON form","description_kind":"plain","required":true},"city":{"type":"string","description":"The user's city","description_kind":"plain","optional":true},"contact_type":{"type":"string","description":"To help characterize the user, the value can be any that are available from the view-contact-types operation","description_kind":"plain","optional":true,"computed":true},"country":{"type":"string","description":"As part of the user's location, the value can be any that are available from the view-supported-countries operation","description_kind":"plain","required":true},"email":{"type":"string","description":"The user's email address","description_kind":"plain","required":true},"email_update_pending":{"type":"bool","description_kind":"plain","computed":true},"enable_tfa":{"type":"bool","description":"Indicates whether two-factor authentication is allowed","description_kind":"plain","required":true},"first_name":{"type":"string","description":"The user's first name","description_kind":"plain","required":true},"id":{"type":"string","description_kind":"plain","optional":true,"computed":true},"is_locked":{"type":"bool","description":"The user's lock status","description_kind":"plain","computed":true},"job_title":{"type":"string","description":"The user's position at your company","description_kind":"plain","optional":true},"last_login":{"type":"string","description":"ISO 8601 timestamp indicating when the user last logged in","description_kind":"plain","computed":true},"last_name":{"type":"string","description":"The user's surname","description_kind":"plain","required":true},"mobile_phone":{"type":"string","description":"The user's mobile phone number","description_kind":"plain","optional":true},"password_expired_after":{"type":"string","description":"The date a user's password expires","description_kind":"plain","computed":true},"phone":{"type":"string","description":"The user's main phone number","description_kind":"plain","required":true},"preferred_language":{"type":"string","description":"The value can be any that are available from the view-languages operation","description_kind":"plain","optional":true,"computed":true},"secondary_email":{"type":"string","description":"The user's secondary email address","description_kind":"plain","optional":true},"session_timeout":{"type":"number","description":"The number of seconds it takes for the user's Control Center session to time out if there hasn't been any activity","description_kind":"plain","optional":true,"computed":true},"state":{"type":"string","description":"The user's state","description_kind":"plain","optional":true},"tfa_configured":{"type":"bool","description":"Indicates whether two-factor authentication is configured","description_kind":"plain","computed":true},"time_zone":{"type":"string","description":"The user's time zone. The value can be any that are available from the view-time-zones operation","description_kind":"plain","optional":true,"computed":true},"user_name":{"type":"string","description":"A user's `loginId`. Typically, a user's email address","description_kind":"plain","computed":true},"zip_code":{"type":"string","description":"The user's five-digit ZIP code","description_kind":"plain","optional":true}},"description":"Manage a user in your account","description_kind":"plain"}},"akamai_networklist_activations":{"version":0,"block":{"attributes":{"activate":{"type":"bool","description_kind":"plain","optional":true},"id":{"type":"string","description_kind":"plain","optional":true,"computed":true},"network":{"type":"string","description_kind":"plain","optional":true},"network_list_id":{"type":"string","description_kind":"plain","required":true},"notes":{"type":"string","description_kind":"plain","optional":true},"notification_emails":{"type":["set","string"],"description_kind":"plain","required":true},"status":{"type":"string","description_kind":"plain","computed":true}},"description_kind":"plain"}},"akamai_networklist_description":{"version":0,"block":{"attributes":{"description":{"type":"string","description_kind":"plain","required":true},"id":{"type":"string","description_kind":"plain","optional":true,"computed":true},"name":{"type":"string","description_kind":"plain","required":true},"network_list_id":{"type":"string","description_kind":"plain","required":true}},"description_kind":"plain"}},"akamai_networklist_network_list":{"version":0,"block":{"attributes":{"contract_id":{"type":"string","description":"Contract ID","description_kind":"plain","optional":true},"description":{"type":"string","description_kind":"plain","required":true},"group_id":{"type":"number","description":"Group ID","description_kind":"plain","optional":true},"id":{"type":"string","description_kind":"plain","optional":true,"computed":true},"list":{"type":["set","string"],"description_kind":"plain","optional":true},"mode":{"type":"string","description_kind":"plain","required":true},"name":{"type":"string","description_kind":"plain","required":true},"network_list_id":{"type":"string","description":"network_list_id","description_kind":"plain","computed":true},"sync_point":{"type":"number","description":"sync point","description_kind":"plain","computed":true},"type":{"type":"string","description_kind":"plain","required":true},"uniqueid":{"type":"string","description":"uniqueId","description_kind":"plain","computed":true}},"description_kind":"plain"}},"akamai_networklist_subscription":{"version":0,"block":{"attributes":{"id":{"type":"string","description_kind":"plain","optional":true,"computed":true},"network_list":{"type":["list","string"],"description_kind":"plain","required":true},"recipients":{"type":["list","string"],"description_kind":"plain","required":true}},"description_kind":"plain"}},"akamai_property":{"version":1,"block":{"attributes":{"contact":{"type":["set","string"],"description_kind":"plain","deprecated":true,"optional":true},"contract":{"type":"string","description_kind":"plain","deprecated":true,"optional":true,"computed":true},"contract_id":{"type":"string","description":"Contract ID to be assigned to the Property","description_kind":"plain","optional":true,"computed":true},"cp_code":{"type":"string","description_kind":"plain","deprecated":true,"optional":true},"group":{"type":"string","description_kind":"plain","deprecated":true,"optional":true,"computed":true},"group_id":{"type":"string","description":"Group ID to be assigned to the Property","description_kind":"plain","optional":true,"computed":true},"id":{"type":"string","description_kind":"plain","optional":true,"computed":true},"is_secure":{"type":"bool","description_kind":"plain","deprecated":true,"optional":true},"latest_version":{"type":"number","description":"Property's current latest version number","description_kind":"plain","computed":true},"name":{"type":"string","description":"Name to give to the Property (must be unique)","description_kind":"plain","required":true},"product":{"type":"string","description_kind":"plain","deprecated":true,"optional":true,"computed":true},"product_id":{"type":"string","description":"Product ID to be assigned to the Property","description_kind":"plain","optional":true,"computed":true},"production_version":{"type":"number","description":"Property's version currently activated in production (zero when not active in production)","description_kind":"plain","computed":true},"read_version":{"type":"number","description":"Required property's version to be read","description_kind":"plain","computed":true},"rule_errors":{"type":["list",["object",{"behavior_name":"string","detail":"string","error_location":"string","instance":"string","status_code":"number","title":"string","type":"string"}]],"description_kind":"plain","computed":true},"rule_format":{"type":"string","description":"Specify the rule format version (defaults to latest version available when created)","description_kind":"plain","optional":true,"computed":true},"rules":{"type":"string","description":"Property Rules as JSON","description_kind":"plain","optional":true,"computed":true},"staging_version":{"type":"number","description":"Property's version currently activated in staging (zero when not active in staging)","description_kind":"plain","computed":true},"variables":{"type":"string","description_kind":"plain","deprecated":true,"optional":true}},"block_types":{"hostnames":{"nesting_mode":"set","block":{"attributes":{"cert_provisioning_type":{"type":"string","description_kind":"plain","required":true},"cname_from":{"type":"string","description_kind":"plain","required":true},"cname_to":{"type":"string","description_kind":"plain","required":true},"cname_type":{"type":"string","description_kind":"plain","optional":true,"computed":true},"edge_hostname_id":{"type":"string","description_kind":"plain","computed":true}},"block_types":{"cert_status":{"nesting_mode":"list","block":{"attributes":{"hostname":{"type":"string","description_kind":"plain","computed":true},"production_status":{"type":"string","description_kind":"plain","computed":true},"staging_status":{"type":"string","description_kind":"plain","computed":true},"target":{"type":"string","description_kind":"plain","computed":true}},"description_kind":"plain"}}},"description_kind":"plain"}},"origin":{"nesting_mode":"set","block":{"attributes":{"cache_key_hostname":{"type":"string","description_kind":"plain","optional":true},"compress":{"type":"bool","description_kind":"plain","optional":true},"enable_true_client_ip":{"type":"bool","description_kind":"plain","optional":true},"forward_hostname":{"type":"string","description_kind":"plain","optional":true},"hostname":{"type":"string","description_kind":"plain","optional":true},"port":{"type":"number","description_kind":"plain","optional":true}},"description_kind":"plain","deprecated":true}},"rule_warnings":{"nesting_mode":"list","block":{"attributes":{"behavior_name":{"type":"string","description_kind":"plain","optional":true},"detail":{"type":"string","description_kind":"plain","optional":true},"error_location":{"type":"string","description_kind":"plain","optional":true},"instance":{"type":"string","description_kind":"plain","optional":true},"status_code":{"type":"number","description_kind":"plain","optional":true},"title":{"type":"string","description_kind":"plain","optional":true},"type":{"type":"string","description_kind":"plain","optional":true}},"description_kind":"plain","deprecated":true}}},"description_kind":"plain"}},"akamai_property_activation":{"version":0,"block":{"attributes":{"activation_id":{"type":"string","description_kind":"plain","optional":true,"computed":true},"auto_acknowledge_rule_warnings":{"type":"bool","description":"automatically acknowledge all rule warnings for activation to continue. default is true","description_kind":"plain","optional":true},"contact":{"type":["set","string"],"description_kind":"plain","required":true},"errors":{"type":"string","description_kind":"plain","computed":true},"id":{"type":"string","description_kind":"plain","optional":true,"computed":true},"network":{"type":"string","description_kind":"plain","optional":true},"note":{"type":"string","description":"assigns a log message to the activation request","description_kind":"plain","optional":true},"property":{"type":"string","description_kind":"plain","deprecated":true,"optional":true,"computed":true},"property_id":{"type":"string","description_kind":"plain","optional":true,"computed":true},"status":{"type":"string","description_kind":"plain","computed":true},"version":{"type":"number","description_kind":"plain","required":true},"warnings":{"type":"string","description_kind":"plain","computed":true}},"block_types":{"rule_errors":{"nesting_mode":"list","block":{"attributes":{"behavior_name":{"type":"string","description_kind":"plain","optional":true},"detail":{"type":"string","description_kind":"plain","optional":true},"error_location":{"type":"string","description_kind":"plain","optional":true},"instance":{"type":"string","description_kind":"plain","optional":true},"status_code":{"type":"number","description_kind":"plain","optional":true},"title":{"type":"string","description_kind":"plain","optional":true},"type":{"type":"string","description_kind":"plain","optional":true}},"description_kind":"plain"}},"rule_warnings":{"nesting_mode":"list","block":{"attributes":{"behavior_name":{"type":"string","description_kind":"plain","optional":true},"detail":{"type":"string","description_kind":"plain","optional":true},"error_location":{"type":"string","description_kind":"plain","optional":true},"instance":{"type":"string","description_kind":"plain","optional":true},"status_code":{"type":"number","description_kind":"plain","optional":true},"title":{"type":"string","description_kind":"plain","optional":true},"type":{"type":"string","description_kind":"plain","optional":true}},"description_kind":"plain","deprecated":true}},"timeouts":{"nesting_mode":"single","block":{"attributes":{"default":{"type":"string","description_kind":"plain","optional":true}},"description_kind":"plain"}}},"description_kind":"plain"}},"akamai_property_variables":{"version":0,"block":{"attributes":{"id":{"type":"string","description_kind":"plain","optional":true,"computed":true},"json":{"type":"string","description":"JSON variables representation","description_kind":"plain","computed":true}},"block_types":{"variables":{"nesting_mode":"set","block":{"block_types":{"variable":{"nesting_mode":"set","block":{"attributes":{"description":{"type":"string","description_kind":"plain","optional":true},"hidden":{"type":"bool","description_kind":"plain","required":true},"name":{"type":"string","description_kind":"plain","required":true},"sensitive":{"type":"bool","description_kind":"plain","required":true},"value":{"type":"string","description_kind":"plain","optional":true}},"description_kind":"plain"}}},"description_kind":"plain","deprecated":true}}},"description_kind":"plain"}}},"data_source_schemas":{"akamai_appsec_advanced_settings_logging":{"version":0,"block":{"attributes":{"config_id":{"type":"number","description_kind":"plain","required":true},"id":{"type":"string","description_kind":"plain","optional":true,"computed":true},"json":{"type":"string","description_kind":"plain","computed":true},"output_text":{"type":"string","description":"Text Export representation","description_kind":"plain","computed":true},"security_policy_id":{"type":"string","description_kind":"plain","optional":true}},"description_kind":"plain"}},"akamai_appsec_advanced_settings_pragma_header":{"version":0,"block":{"attributes":{"config_id":{"type":"number","description_kind":"plain","required":true},"id":{"type":"string","description_kind":"plain","optional":true,"computed":true},"json":{"type":"string","description_kind":"plain","computed":true},"output_text":{"type":"string","description":"Text Export representation","description_kind":"plain","computed":true},"security_policy_id":{"type":"string","description_kind":"plain","optional":true}},"description_kind":"plain"}},"akamai_appsec_advanced_settings_prefetch":{"version":0,"block":{"attributes":{"config_id":{"type":"number","description_kind":"plain","required":true},"id":{"type":"string","description_kind":"plain","optional":true,"computed":true},"json":{"type":"string","description_kind":"plain","computed":true},"output_text":{"type":"string","description":"Text Export representation","description_kind":"plain","computed":true}},"description_kind":"plain"}},"akamai_appsec_api_endpoints":{"version":0,"block":{"attributes":{"api_name":{"type":"string","description_kind":"plain","optional":true},"config_id":{"type":"number","description_kind":"plain","required":true},"id":{"type":"string","description_kind":"plain","optional":true,"computed":true},"id_list":{"type":["list","number"],"description":"List of endpoint IDs","description_kind":"plain","computed":true},"json":{"type":"string","description_kind":"plain","computed":true},"output_text":{"type":"string","description":"Text Export representation","description_kind":"plain","computed":true},"security_policy_id":{"type":"string","description_kind":"plain","optional":true}},"description_kind":"plain"}},"akamai_appsec_api_request_constraints":{"version":0,"block":{"attributes":{"api_id":{"type":"number","description_kind":"plain","optional":true},"config_id":{"type":"number","description_kind":"plain","required":true},"id":{"type":"string","description_kind":"plain","optional":true,"computed":true},"json":{"type":"string","description_kind":"plain","computed":true},"output_text":{"type":"string","description":"Text Export representation","description_kind":"plain","computed":true},"security_policy_id":{"type":"string","description_kind":"plain","required":true}},"description_kind":"plain"}},"akamai_appsec_attack_groups":{"version":0,"block":{"attributes":{"attack_group":{"type":"string","description_kind":"plain","optional":true},"attack_group_action":{"type":"string","description_kind":"plain","computed":true},"condition_exception":{"type":"string","description_kind":"plain","computed":true},"config_id":{"type":"number","description_kind":"plain","required":true},"id":{"type":"string","description_kind":"plain","optional":true,"computed":true},"json":{"type":"string","description_kind":"plain","computed":true},"output_text":{"type":"string","description":"Text Export representation","description_kind":"plain","computed":true},"security_policy_id":{"type":"string","description_kind":"plain","required":true}},"description_kind":"plain"}},"akamai_appsec_bypass_network_lists":{"version":0,"block":{"attributes":{"bypass_network_list":{"type":["list","string"],"description_kind":"plain","computed":true},"config_id":{"type":"number","description_kind":"plain","required":true},"id":{"type":"string","description_kind":"plain","optional":true,"computed":true},"json":{"type":"string","description_kind":"plain","computed":true},"output_text":{"type":"string","description":"Text Export representation","description_kind":"plain","computed":true}},"description_kind":"plain"}},"akamai_appsec_configuration":{"version":0,"block":{"attributes":{"config_id":{"type":"number","description_kind":"plain","computed":true},"id":{"type":"string","description_kind":"plain","optional":true,"computed":true},"latest_version":{"type":"number","description_kind":"plain","computed":true},"name":{"type":"string","description_kind":"plain","optional":true},"output_text":{"type":"string","description":"Text Export representation","description_kind":"plain","computed":true},"production_version":{"type":"number","description_kind":"plain","computed":true},"staging_version":{"type":"number","description_kind":"plain","computed":true}},"description_kind":"plain"}},"akamai_appsec_configuration_version":{"version":0,"block":{"attributes":{"config_id":{"type":"number","description_kind":"plain","required":true},"id":{"type":"string","description_kind":"plain","optional":true,"computed":true},"latest_version":{"type":"number","description_kind":"plain","computed":true},"output_text":{"type":"string","description":"Text Export representation","description_kind":"plain","computed":true},"production_status":{"type":"string","description_kind":"plain","computed":true},"staging_status":{"type":"string","description_kind":"plain","computed":true},"version":{"type":"number","description_kind":"plain","optional":true}},"description_kind":"plain"}},"akamai_appsec_contracts_groups":{"version":0,"block":{"attributes":{"contractid":{"type":"string","description_kind":"plain","optional":true},"default_contractid":{"type":"string","description_kind":"plain","computed":true},"default_groupid":{"type":"number","description_kind":"plain","computed":true},"groupid":{"type":"number","description_kind":"plain","optional":true},"id":{"type":"string","description_kind":"plain","optional":true,"computed":true},"json":{"type":"string","description_kind":"plain","computed":true},"output_text":{"type":"string","description":"Text Export representation","description_kind":"plain","computed":true}},"description_kind":"plain"}},"akamai_appsec_custom_deny":{"version":0,"block":{"attributes":{"config_id":{"type":"number","description_kind":"plain","required":true},"custom_deny_id":{"type":"string","description_kind":"plain","optional":true},"id":{"type":"string","description_kind":"plain","optional":true,"computed":true},"json":{"type":"string","description_kind":"plain","computed":true},"output_text":{"type":"string","description":"Text Export representation","description_kind":"plain","computed":true}},"description_kind":"plain"}},"akamai_appsec_custom_rule_actions":{"version":0,"block":{"attributes":{"config_id":{"type":"number","description_kind":"plain","required":true},"custom_rule_id":{"type":"number","description_kind":"plain","optional":true},"id":{"type":"string","description_kind":"plain","optional":true,"computed":true},"output_text":{"type":"string","description":"Text Export representation","description_kind":"plain","computed":true},"security_policy_id":{"type":"string","description_kind":"plain","required":true}},"description_kind":"plain"}},"akamai_appsec_custom_rules":{"version":0,"block":{"attributes":{"config_id":{"type":"number","description_kind":"plain","required":true},"custom_rule_id":{"type":"number","description_kind":"plain","optional":true},"id":{"type":"string","description_kind":"plain","optional":true,"computed":true},"json":{"type":"string","description_kind":"plain","computed":true},"output_text":{"type":"string","description":"Text Export representation","description_kind":"plain","computed":true}},"description_kind":"plain"}},"akamai_appsec_eval":{"version":0,"block":{"attributes":{"config_id":{"type":"number","description_kind":"plain","required":true},"id":{"type":"string","description_kind":"plain","optional":true,"computed":true},"output_text":{"type":"string","description":"Text Export representation","description_kind":"plain","computed":true},"security_policy_id":{"type":"string","description_kind":"plain","required":true}},"description_kind":"plain"}},"akamai_appsec_eval_groups":{"version":0,"block":{"attributes":{"attack_group":{"type":"string","description_kind":"plain","optional":true},"attack_group_action":{"type":"string","description_kind":"plain","computed":true},"condition_exception":{"type":"string","description_kind":"plain","computed":true},"config_id":{"type":"number","description_kind":"plain","required":true},"id":{"type":"string","description_kind":"plain","optional":true,"computed":true},"json":{"type":"string","description_kind":"plain","computed":true},"output_text":{"type":"string","description":"Text Export representation","description_kind":"plain","computed":true},"security_policy_id":{"type":"string","description_kind":"plain","required":true}},"description_kind":"plain"}},"akamai_appsec_eval_hostnames":{"version":0,"block":{"attributes":{"config_id":{"type":"number","description_kind":"plain","required":true},"hostnames":{"type":["list","string"],"description_kind":"plain","computed":true},"id":{"type":"string","description_kind":"plain","optional":true,"computed":true},"json":{"type":"string","description_kind":"plain","computed":true},"output_text":{"type":"string","description":"Text Export representation","description_kind":"plain","computed":true}},"description_kind":"plain"}},"akamai_appsec_eval_rules":{"version":0,"block":{"attributes":{"condition_exception":{"type":"string","description_kind":"plain","computed":true},"config_id":{"type":"number","description_kind":"plain","required":true},"eval_rule_action":{"type":"string","description_kind":"plain","computed":true},"id":{"type":"string","description_kind":"plain","optional":true,"computed":true},"json":{"type":"string","description_kind":"plain","computed":true},"output_text":{"type":"string","description":"Text Export representation","description_kind":"plain","computed":true},"rule_id":{"type":"number","description_kind":"plain","optional":true},"security_policy_id":{"type":"string","description_kind":"plain","required":true}},"description_kind":"plain"}},"akamai_appsec_export_configuration":{"version":0,"block":{"attributes":{"config_id":{"type":"number","description_kind":"plain","required":true},"id":{"type":"string","description_kind":"plain","optional":true,"computed":true},"json":{"type":"string","description":"JSON Export representation","description_kind":"plain","computed":true},"output_text":{"type":"string","description":"Text Export representation","description_kind":"plain","computed":true},"search":{"type":["list","string"],"description_kind":"plain","optional":true},"version":{"type":"number","description_kind":"plain","required":true}},"description_kind":"plain"}},"akamai_appsec_failover_hostnames":{"version":0,"block":{"attributes":{"config_id":{"type":"number","description_kind":"plain","required":true},"hostnames":{"type":["list","string"],"description":"List of hostnames","description_kind":"plain","computed":true},"id":{"type":"string","description_kind":"plain","optional":true,"computed":true},"json":{"type":"string","description_kind":"plain","computed":true},"output_text":{"type":"string","description":"Text Export representation","description_kind":"plain","computed":true}},"description_kind":"plain"}},"akamai_appsec_hostname_coverage":{"version":0,"block":{"attributes":{"id":{"type":"string","description_kind":"plain","optional":true,"computed":true},"json":{"type":"string","description_kind":"plain","computed":true},"output_text":{"type":"string","description":"Text Export representation","description_kind":"plain","computed":true}},"description_kind":"plain"}},"akamai_appsec_hostname_coverage_match_targets":{"version":0,"block":{"attributes":{"config_id":{"type":"number","description_kind":"plain","required":true},"hostname":{"type":"string","description_kind":"plain","required":true},"id":{"type":"string","description_kind":"plain","optional":true,"computed":true},"json":{"type":"string","description_kind":"plain","computed":true},"output_text":{"type":"string","description":"Text Export representation","description_kind":"plain","computed":true}},"description_kind":"plain"}},"akamai_appsec_hostname_coverage_overlapping":{"version":0,"block":{"attributes":{"config_id":{"type":"number","description_kind":"plain","required":true},"hostname":{"type":"string","description_kind":"plain","required":true},"id":{"type":"string","description_kind":"plain","optional":true,"computed":true},"json":{"type":"string","description_kind":"plain","computed":true},"output_text":{"type":"string","description":"Text Export representation","description_kind":"plain","computed":true}},"description_kind":"plain"}},"akamai_appsec_ip_geo":{"version":0,"block":{"attributes":{"config_id":{"type":"number","description_kind":"plain","required":true},"exception_ip_network_lists":{"type":["set","string"],"description_kind":"plain","computed":true},"geo_network_lists":{"type":["set","string"],"description_kind":"plain","computed":true},"id":{"type":"string","description_kind":"plain","optional":true,"computed":true},"ip_network_lists":{"type":["set","string"],"description_kind":"plain","computed":true},"mode":{"type":"string","description":"IPGeo mode","description_kind":"plain","computed":true},"output_text":{"type":"string","description":"Text Export representation","description_kind":"plain","computed":true},"security_policy_id":{"type":"string","description_kind":"plain","required":true}},"description_kind":"plain"}},"akamai_appsec_match_targets":{"version":0,"block":{"attributes":{"config_id":{"type":"number","description_kind":"plain","required":true},"id":{"type":"string","description_kind":"plain","optional":true,"computed":true},"json":{"type":"string","description":"JSON Export representation","description_kind":"plain","computed":true},"match_target_id":{"type":"number","description_kind":"plain","optional":true},"output_text":{"type":"string","description":"Text Export representation","description_kind":"plain","computed":true}},"description_kind":"plain"}},"akamai_appsec_penalty_box":{"version":0,"block":{"attributes":{"action":{"type":"string","description":"Penalty Box action","description_kind":"plain","computed":true},"config_id":{"type":"number","description_kind":"plain","required":true},"enabled":{"type":"bool","description":"Penalty Box enabled","description_kind":"plain","computed":true},"id":{"type":"string","description_kind":"plain","optional":true,"computed":true},"output_text":{"type":"string","description":"Text Export representation","description_kind":"plain","computed":true},"security_policy_id":{"type":"string","description_kind":"plain","required":true}},"description_kind":"plain"}},"akamai_appsec_rate_policies":{"version":0,"block":{"attributes":{"config_id":{"type":"number","description_kind":"plain","required":true},"id":{"type":"string","description_kind":"plain","optional":true,"computed":true},"json":{"type":"string","description_kind":"plain","computed":true},"output_text":{"type":"string","description":"Text Export representation","description_kind":"plain","computed":true},"rate_policy_id":{"type":"number","description_kind":"plain","optional":true}},"description_kind":"plain"}},"akamai_appsec_rate_policy_actions":{"version":0,"block":{"attributes":{"config_id":{"type":"number","description_kind":"plain","required":true},"id":{"type":"string","description_kind":"plain","optional":true,"computed":true},"output_text":{"type":"string","description":"Text Export representation","description_kind":"plain","computed":true},"rate_policy_id":{"type":"number","description_kind":"plain","optional":true},"security_policy_id":{"type":"string","description_kind":"plain","required":true}},"description_kind":"plain"}},"akamai_appsec_reputation_profile_actions":{"version":0,"block":{"attributes":{"action":{"type":"string","description_kind":"plain","computed":true},"config_id":{"type":"number","description_kind":"plain","required":true},"id":{"type":"string","description_kind":"plain","optional":true,"computed":true},"json":{"type":"string","description_kind":"plain","computed":true},"output_text":{"type":"string","description":"Text Export representation","description_kind":"plain","computed":true},"reputation_profile_id":{"type":"number","description_kind":"plain","optional":true},"security_policy_id":{"type":"string","description_kind":"plain","required":true}},"description_kind":"plain"}},"akamai_appsec_reputation_profile_analysis":{"version":0,"block":{"attributes":{"config_id":{"type":"number","description_kind":"plain","required":true},"id":{"type":"string","description_kind":"plain","optional":true,"computed":true},"json":{"type":"string","description_kind":"plain","computed":true},"output_text":{"type":"string","description":"Text Export representation","description_kind":"plain","computed":true},"security_policy_id":{"type":"string","description_kind":"plain","required":true}},"description_kind":"plain"}},"akamai_appsec_reputation_profiles":{"version":0,"block":{"attributes":{"config_id":{"type":"number","description_kind":"plain","required":true},"id":{"type":"string","description_kind":"plain","optional":true,"computed":true},"json":{"type":"string","description_kind":"plain","computed":true},"output_text":{"type":"string","description":"Text Export representation","description_kind":"plain","computed":true},"reputation_profile_id":{"type":"number","description_kind":"plain","optional":true}},"description_kind":"plain"}},"akamai_appsec_rule_upgrade_details":{"version":0,"block":{"attributes":{"config_id":{"type":"number","description_kind":"plain","required":true},"id":{"type":"string","description_kind":"plain","optional":true,"computed":true},"json":{"type":"string","description_kind":"plain","computed":true},"output_text":{"type":"string","description":"Text Export representation","description_kind":"plain","computed":true},"security_policy_id":{"type":"string","description_kind":"plain","required":true}},"description_kind":"plain"}},"akamai_appsec_rules":{"version":0,"block":{"attributes":{"condition_exception":{"type":"string","description_kind":"plain","computed":true},"config_id":{"type":"number","description_kind":"plain","required":true},"id":{"type":"string","description_kind":"plain","optional":true,"computed":true},"json":{"type":"string","description_kind":"plain","computed":true},"output_text":{"type":"string","description":"Text Export representation","description_kind":"plain","computed":true},"rule_action":{"type":"string","description_kind":"plain","computed":true},"rule_id":{"type":"number","description_kind":"plain","optional":true},"security_policy_id":{"type":"string","description_kind":"plain","required":true}},"description_kind":"plain"}},"akamai_appsec_security_policy":{"version":0,"block":{"attributes":{"config_id":{"type":"number","description_kind":"plain","required":true},"id":{"type":"string","description_kind":"plain","optional":true,"computed":true},"output_text":{"type":"string","description":"Text Export representation","description_kind":"plain","computed":true},"security_policy_id":{"type":"string","description":"Policy ID","description_kind":"plain","computed":true},"security_policy_id_list":{"type":["list","string"],"description":"Policy ID List","description_kind":"plain","computed":true},"security_policy_name":{"type":"string","description_kind":"plain","optional":true}},"description_kind":"plain"}},"akamai_appsec_security_policy_protections":{"version":0,"block":{"attributes":{"apply_api_constraints":{"type":"bool","description_kind":"plain","computed":true},"apply_application_layer_controls":{"type":"bool","description_kind":"plain","computed":true},"apply_botman_controls":{"type":"bool","description_kind":"plain","computed":true},"apply_network_layer_controls":{"type":"bool","description_kind":"plain","computed":true},"apply_rate_controls":{"type":"bool","description_kind":"plain","computed":true},"apply_reputation_controls":{"type":"bool","description_kind":"plain","computed":true},"apply_slow_post_controls":{"type":"bool","description_kind":"plain","computed":true},"config_id":{"type":"number","description_kind":"plain","required":true},"id":{"type":"string","description_kind":"plain","optional":true,"computed":true},"json":{"type":"string","description_kind":"plain","computed":true},"output_text":{"type":"string","description":"Text Export representation","description_kind":"plain","computed":true},"security_policy_id":{"type":"string","description_kind":"plain","required":true}},"description_kind":"plain"}},"akamai_appsec_selectable_hostnames":{"version":0,"block":{"attributes":{"active_in_production":{"type":"bool","description_kind":"plain","optional":true},"active_in_staging":{"type":"bool","description_kind":"plain","optional":true},"config_id":{"type":"number","description_kind":"plain","optional":true},"contractid":{"type":"string","description_kind":"plain","optional":true},"groupid":{"type":"number","description_kind":"plain","optional":true},"hostnames":{"type":["list","string"],"description":"List of hostnames","description_kind":"plain","computed":true},"hostnames_json":{"type":"string","description":"JSON List of hostnames","description_kind":"plain","computed":true},"id":{"type":"string","description_kind":"plain","optional":true,"computed":true},"output_text":{"type":"string","description":"Text Export representation","description_kind":"plain","computed":true}},"description_kind":"plain"}},"akamai_appsec_selected_hostnames":{"version":0,"block":{"attributes":{"config_id":{"type":"number","description_kind":"plain","required":true},"hostnames":{"type":["list","string"],"description":"List of hostnames","description_kind":"plain","computed":true},"hostnames_json":{"type":"string","description":"JSON List of hostnames","description_kind":"plain","computed":true},"id":{"type":"string","description_kind":"plain","optional":true,"computed":true},"output_text":{"type":"string","description":"Text Export representation","description_kind":"plain","computed":true}},"description_kind":"plain"}},"akamai_appsec_siem_definitions":{"version":0,"block":{"attributes":{"id":{"type":"string","description_kind":"plain","optional":true,"computed":true},"json":{"type":"string","description":"JSON Siem Definition","description_kind":"plain","computed":true},"output_text":{"type":"string","description":"Text Export representation","description_kind":"plain","computed":true},"siem_definition_name":{"type":"string","description_kind":"plain","optional":true}},"description_kind":"plain"}},"akamai_appsec_siem_settings":{"version":0,"block":{"attributes":{"config_id":{"type":"number","description_kind":"plain","required":true},"id":{"type":"string","description_kind":"plain","optional":true,"computed":true},"json":{"type":"string","description_kind":"plain","computed":true},"output_text":{"type":"string","description":"Text Export representation","description_kind":"plain","computed":true}},"description_kind":"plain"}},"akamai_appsec_slow_post":{"version":0,"block":{"attributes":{"config_id":{"type":"number","description_kind":"plain","required":true},"id":{"type":"string","description_kind":"plain","optional":true,"computed":true},"json":{"type":"string","description_kind":"plain","computed":true},"output_text":{"type":"string","description":"Text Export representation","description_kind":"plain","computed":true},"security_policy_id":{"type":"string","description_kind":"plain","required":true}},"description_kind":"plain"}},"akamai_appsec_threat_intel":{"version":0,"block":{"attributes":{"config_id":{"type":"number","description_kind":"plain","required":true},"id":{"type":"string","description_kind":"plain","optional":true,"computed":true},"json":{"type":"string","description_kind":"plain","computed":true},"output_text":{"type":"string","description":"Text Export representation","description_kind":"plain","computed":true},"security_policy_id":{"type":"string","description_kind":"plain","required":true},"threat_intel":{"type":"string","description_kind":"plain","computed":true}},"description_kind":"plain"}},"akamai_appsec_version_notes":{"version":0,"block":{"attributes":{"config_id":{"type":"number","description_kind":"plain","required":true},"id":{"type":"string","description_kind":"plain","optional":true,"computed":true},"json":{"type":"string","description":"JSON List of Notes","description_kind":"plain","computed":true},"output_text":{"type":"string","description":"Text Export representation","description_kind":"plain","computed":true}},"description_kind":"plain"}},"akamai_appsec_waf_mode":{"version":0,"block":{"attributes":{"config_id":{"type":"number","description_kind":"plain","required":true},"current_ruleset":{"type":"string","description_kind":"plain","computed":true},"eval_expiration_date":{"type":"string","description_kind":"plain","computed":true},"eval_ruleset":{"type":"string","description_kind":"plain","computed":true},"eval_status":{"type":"string","description_kind":"plain","computed":true},"id":{"type":"string","description_kind":"plain","optional":true,"computed":true},"json":{"type":"string","description_kind":"plain","computed":true},"mode":{"type":"string","description_kind":"plain","computed":true},"output_text":{"type":"string","description":"Text Export representation","description_kind":"plain","computed":true},"security_policy_id":{"type":"string","description_kind":"plain","required":true}},"description_kind":"plain"}},"akamai_appsec_wap_selected_hostnames":{"version":0,"block":{"attributes":{"config_id":{"type":"number","description_kind":"plain","required":true},"evaluated_hosts":{"type":["set","string"],"description":"JSON List of evaluated hostnames","description_kind":"plain","computed":true},"id":{"type":"string","description_kind":"plain","optional":true,"computed":true},"json":{"type":"string","description_kind":"plain","computed":true},"match_targets":{"type":"string","description":"Match target information (for non-WAP accounts)","description_kind":"plain","computed":true},"output_text":{"type":"string","description":"Text Export representation","description_kind":"plain","computed":true},"protected_hosts":{"type":["set","string"],"description":"JSON List of protected hostnames","description_kind":"plain","computed":true},"security_policy_id":{"type":"string","description_kind":"plain","required":true},"selected_hosts":{"type":["set","string"],"description":"JSON List of selected hostnames (for non-WAP accounts)","description_kind":"plain","computed":true}},"description_kind":"plain"}},"akamai_authorities_set":{"version":0,"block":{"attributes":{"authorities":{"type":["list","string"],"description_kind":"plain","computed":true},"contract":{"type":"string","description_kind":"plain","required":true},"id":{"type":"string","description_kind":"plain","optional":true,"computed":true}},"description_kind":"plain"}},"akamai_contract":{"version":0,"block":{"attributes":{"group":{"type":"string","description_kind":"plain","deprecated":true,"optional":true},"group_id":{"type":"string","description_kind":"plain","optional":true,"computed":true},"group_name":{"type":"string","description_kind":"plain","optional":true,"computed":true},"id":{"type":"string","description_kind":"plain","optional":true,"computed":true}},"description_kind":"plain"}},"akamai_contracts":{"version":0,"block":{"attributes":{"contracts":{"type":["list",["object",{"contract_id":"string","contract_type_name":"string"}]],"description":"List of contracts","description_kind":"plain","computed":true},"id":{"type":"string","description_kind":"plain","optional":true,"computed":true}},"description_kind":"plain"}},"akamai_cp_code":{"version":0,"block":{"attributes":{"contract":{"type":"string","description_kind":"plain","deprecated":true,"optional":true,"computed":true},"contract_id":{"type":"string","description_kind":"plain","optional":true,"computed":true},"group":{"type":"string","description_kind":"plain","deprecated":true,"optional":true,"computed":true},"group_id":{"type":"string","description_kind":"plain","optional":true,"computed":true},"id":{"type":"string","description_kind":"plain","optional":true,"computed":true},"name":{"type":"string","description_kind":"plain","required":true},"product_ids":{"type":["list","string"],"description_kind":"plain","computed":true}},"description_kind":"plain"}},"akamai_datastream_activation_history":{"version":0,"block":{"attributes":{"activations":{"type":["set",["object",{"created_by":"string","created_date":"string","is_active":"bool","stream_id":"number","stream_version_id":"number"}]],"description":"Provides detailed information about an activation status change for a version of a stream","description_kind":"plain","computed":true},"id":{"type":"string","description_kind":"plain","optional":true,"computed":true},"stream_id":{"type":"number","description":"Identifies the stream","description_kind":"plain","required":true}},"description_kind":"plain"}},"akamai_datastream_dataset_fields":{"version":0,"block":{"attributes":{"fields":{"type":["set",["object",{"dataset_fields":["list",["object",{"dataset_field_description":"string","dataset_field_id":"number","dataset_field_json_key":"string","dataset_field_name":"string"}]],"dataset_group_description":"string","dataset_group_name":"string"}]],"description":"Provides information about groups of dataset fields available in a given template","description_kind":"plain","computed":true},"id":{"type":"string","description_kind":"plain","optional":true,"computed":true},"template_name":{"type":"string","description":"The name of the data set template that you want to use in your stream configuration","description_kind":"plain","optional":true}},"description_kind":"plain"}},"akamai_dns_record_set":{"version":0,"block":{"attributes":{"host":{"type":"string","description_kind":"plain","required":true},"id":{"type":"string","description_kind":"plain","optional":true,"computed":true},"rdata":{"type":["list","string"],"description_kind":"plain","computed":true},"record_type":{"type":"string","description_kind":"plain","required":true},"zone":{"type":"string","description_kind":"plain","required":true}},"description_kind":"plain"}},"akamai_group":{"version":0,"block":{"attributes":{"contract":{"type":"string","description_kind":"plain","deprecated":true,"optional":true,"computed":true},"contract_id":{"type":"string","description_kind":"plain","optional":true,"computed":true},"group_name":{"type":"string","description_kind":"plain","optional":true,"computed":true},"id":{"type":"string","description_kind":"plain","optional":true,"computed":true},"name":{"type":"string","description_kind":"plain","deprecated":true,"optional":true,"computed":true}},"description_kind":"plain"}},"akamai_groups":{"version":0,"block":{"attributes":{"groups":{"type":["list",["object",{"contract_ids":["list","string"],"group_id":"string","group_name":"string","parent_group_id":"string"}]],"description":"List of groups","description_kind":"plain","computed":true},"id":{"type":"string","description_kind":"plain","optional":true,"computed":true}},"description_kind":"plain"}},"akamai_gtm_default_datacenter":{"version":0,"block":{"attributes":{"datacenter":{"type":"number","description_kind":"plain","optional":true},"datacenter_id":{"type":"number","description_kind":"plain","computed":true},"domain":{"type":"string","description_kind":"plain","required":true},"id":{"type":"string","description_kind":"plain","optional":true,"computed":true},"nickname":{"type":"string","description_kind":"plain","computed":true}},"description_kind":"plain"}},"akamai_iam_contact_types":{"version":0,"block":{"attributes":{"contact_types":{"type":["set","string"],"description":"Supported contact types","description_kind":"plain","computed":true},"id":{"type":"string","description_kind":"plain","optional":true,"computed":true}},"description":"Retrieve all contact types that Akamai supports","description_kind":"plain"}},"akamai_iam_countries":{"version":0,"block":{"attributes":{"countries":{"type":["set","string"],"description":"Supported countries","description_kind":"plain","computed":true},"id":{"type":"string","description_kind":"plain","optional":true,"computed":true}},"description":"List all the possible countries that Akamai supports","description_kind":"plain"}},"akamai_iam_groups":{"version":0,"block":{"attributes":{"groups":{"type":["set",["object",{"created_by":"string","group_id":"string","modified_by":"string","name":"string","parent_group_id":"string","sub_groups":["set",["object",{"created_by":"string","group_id":"string","modified_by":"string","name":"string","parent_group_id":"string","sub_groups":["set",["object",{"created_by":"string","group_id":"string","modified_by":"string","name":"string","parent_group_id":"string","sub_groups":["set",["object",{"created_by":"string","group_id":"string","modified_by":"string","name":"string","parent_group_id":"string","sub_groups":["set",["object",{"created_by":"string","group_id":"string","modified_by":"string","name":"string","parent_group_id":"string","sub_groups":["set",["object",{"created_by":"string","group_id":"string","modified_by":"string","name":"string","parent_group_id":"string","sub_groups":["set",["object",{"created_by":"string","group_id":"string","modified_by":"string","name":"string","parent_group_id":"string","sub_groups":["set",["object",{"created_by":"string","group_id":"string","modified_by":"string","name":"string","parent_group_id":"string","sub_groups":["set",["object",{"created_by":"string","group_id":"string","modified_by":"string","name":"string","parent_group_id":"string","sub_groups":["set",["object",{"created_by":"string","group_id":"string","modified_by":"string","name":"string","parent_group_id":"string","sub_groups":["set",["object",{"created_by":"string","group_id":"string","modified_by":"string","name":"string","parent_group_id":"string","sub_groups":["set",["object",{"created_by":"string","group_id":"string","modified_by":"string","name":"string","parent_group_id":"string","sub_groups":["set",["object",{"created_by":"string","group_id":"string","modified_by":"string","name":"string","parent_group_id":"string","sub_groups":["set",["object",{"created_by":"string","group_id":"string","modified_by":"string","name":"string","parent_group_id":"string","sub_groups":["set",["object",{"created_by":"string","group_id":"string","modified_by":"string","name":"string","parent_group_id":"string","sub_groups":["set",["object",{"created_by":"string","group_id":"string","modified_by":"string","name":"string","parent_group_id":"string","sub_groups":["set",["object",{"created_by":"string","group_id":"string","modified_by":"string","name":"string","parent_group_id":"string","sub_groups":["set",["object",{"created_by":"string","group_id":"string","modified_by":"string","name":"string","parent_group_id":"string","sub_groups":["set",["object",{"created_by":"string","group_id":"string","modified_by":"string","name":"string","parent_group_id":"string","sub_groups":["set",["object",{"created_by":"string","group_id":"string","modified_by":"string","name":"string","parent_group_id":"string","sub_groups":["set",["object",{"created_by":"string","group_id":"string","modified_by":"string","name":"string","parent_group_id":"string","sub_groups":["set",["object",{"created_by":"string","group_id":"string","modified_by":"string","name":"string","parent_group_id":"string","sub_groups":["set",["object",{"created_by":"string","group_id":"string","modified_by":"string","name":"string","parent_group_id":"string","sub_groups":["set",["object",{"created_by":"string","group_id":"string","modified_by":"string","name":"string","parent_group_id":"string","sub_groups":["set",["object",{"created_by":"string","group_id":"string","modified_by":"string","name":"string","parent_group_id":"string","sub_groups":["set",["object",{"created_by":"string","group_id":"string","modified_by":"string","name":"string","parent_group_id":"string","sub_groups":["set",["object",{"created_by":"string","group_id":"string","modified_by":"string","name":"string","parent_group_id":"string","sub_groups":["set",["object",{"created_by":"string","group_id":"string","modified_by":"string","name":"string","parent_group_id":"string","sub_groups":["set",["object",{"created_by":"string","group_id":"string","modified_by":"string","name":"string","parent_group_id":"string","sub_groups":["set",["object",{"created_by":"string","group_id":"string","modified_by":"string","name":"string","parent_group_id":"string","sub_groups":["set",["object",{"created_by":"string","group_id":"string","modified_by":"string","name":"string","parent_group_id":"string","sub_groups":["set",["object",{"created_by":"string","group_id":"string","modified_by":"string","name":"string","parent_group_id":"string","sub_groups":["set",["object",{"created_by":"string","group_id":"string","modified_by":"string","name":"string","parent_group_id":"string","sub_groups":["set",["object",{"created_by":"string","group_id":"string","modified_by":"string","name":"string","parent_group_id":"string","sub_groups":["set",["object",{"created_by":"string","group_id":"string","modified_by":"string","name":"string","parent_group_id":"string","sub_groups":["set",["object",{"created_by":"string","group_id":"string","modified_by":"string","name":"string","parent_group_id":"string","sub_groups":["set",["object",{"created_by":"string","group_id":"string","modified_by":"string","name":"string","parent_group_id":"string","sub_groups":["set",["object",{"created_by":"string","group_id":"string","modified_by":"string","name":"string","parent_group_id":"string","sub_groups":["set",["object",{"created_by":"string","group_id":"string","modified_by":"string","name":"string","parent_group_id":"string","sub_groups":["set",["object",{"created_by":"string","group_id":"string","modified_by":"string","name":"string","parent_group_id":"string","sub_groups":["set",["object",{"created_by":"string","group_id":"string","modified_by":"string","name":"string","parent_group_id":"string","sub_groups":["set",["object",{"created_by":"string","group_id":"string","modified_by":"string","name":"string","parent_group_id":"string","sub_groups":["set",["object",{"created_by":"string","group_id":"string","modified_by":"string","name":"string","parent_group_id":"string","sub_groups":["set",["object",{"created_by":"string","group_id":"string","modified_by":"string","name":"string","parent_group_id":"string","sub_groups":["set",["object",{"created_by":"string","group_id":"string","modified_by":"string","name":"string","parent_group_id":"string","sub_groups":["set",["object",{"created_by":"string","group_id":"string","modified_by":"string","name":"string","parent_group_id":"string","sub_groups":["set",["object",{"created_by":"string","group_id":"string","modified_by":"string","name":"string","parent_group_id":"string","sub_groups":["set",["object",{"created_by":"string","group_id":"string","modified_by":"string","name":"string","parent_group_id":"string","sub_groups":["set",["object",{"created_by":"string","group_id":"string","modified_by":"string","name":"string","parent_group_id":"string","sub_groups":["set",["object",{"created_by":"string","group_id":"string","modified_by":"string","name":"string","parent_group_id":"string","time_created":"string","time_modified":"string"}]],"time_created":"string","time_modified":"string"}]],"time_created":"string","time_modified":"string"}]],"time_created":"string","time_modified":"string"}]],"time_created":"string","time_modified":"string"}]],"time_created":"string","time_modified":"string"}]],"time_created":"string","time_modified":"string"}]],"time_created":"string","time_modified":"string"}]],"time_created":"string","time_modified":"string"}]],"time_created":"string","time_modified":"string"}]],"time_created":"string","time_modified":"string"}]],"time_created":"string","time_modified":"string"}]],"time_created":"string","time_modified":"string"}]],"time_created":"string","time_modified":"string"}]],"time_created":"string","time_modified":"string"}]],"time_created":"string","time_modified":"string"}]],"time_created":"string","time_modified":"string"}]],"time_created":"string","time_modified":"string"}]],"time_created":"string","time_modified":"string"}]],"time_created":"string","time_modified":"string"}]],"time_created":"string","time_modified":"string"}]],"time_created":"string","time_modified":"string"}]],"time_created":"string","time_modified":"string"}]],"time_created":"string","time_modified":"string"}]],"time_created":"string","time_modified":"string"}]],"time_created":"string","time_modified":"string"}]],"time_created":"string","time_modified":"string"}]],"time_created":"string","time_modified":"string"}]],"time_created":"string","time_modified":"string"}]],"time_created":"string","time_modified":"string"}]],"time_created":"string","time_modified":"string"}]],"time_created":"string","time_modified":"string"}]],"time_created":"string","time_modified":"string"}]],"time_created":"string","time_modified":"string"}]],"time_created":"string","time_modified":"string"}]],"time_created":"string","time_modified":"string"}]],"time_created":"string","time_modified":"string"}]],"time_created":"string","time_modified":"string"}]],"time_created":"string","time_modified":"string"}]],"time_created":"string","time_modified":"string"}]],"time_created":"string","time_modified":"string"}]],"time_created":"string","time_modified":"string"}]],"time_created":"string","time_modified":"string"}]],"time_created":"string","time_modified":"string"}]],"time_created":"string","time_modified":"string"}]],"time_created":"string","time_modified":"string"}]],"time_created":"string","time_modified":"string"}]],"time_created":"string","time_modified":"string"}]],"time_created":"string","time_modified":"string"}]],"time_created":"string","time_modified":"string"}]],"description_kind":"plain","computed":true},"id":{"type":"string","description_kind":"plain","optional":true,"computed":true}},"description":"List all groups in which you have a scope of \"admin\" for the current account and contract","description_kind":"plain"}},"akamai_iam_roles":{"version":0,"block":{"attributes":{"id":{"type":"string","description_kind":"plain","optional":true,"computed":true},"roles":{"type":["set",["object",{"created_by":"string","description":"string","modified_by":"string","name":"string","role_id":"string","time_created":"string","time_modified":"string","type":"string"}]],"description_kind":"plain","computed":true}},"description":"Get roles for the current account and contract","description_kind":"plain"}},"akamai_iam_states":{"version":0,"block":{"attributes":{"country":{"type":"string","description":"Specifies a US state or Canadian province","description_kind":"plain","required":true},"id":{"type":"string","description_kind":"plain","optional":true,"computed":true},"states":{"type":["set","string"],"description":"Supported states","description_kind":"plain","computed":true}},"description":"List US states or Canadian provinces","description_kind":"plain"}},"akamai_iam_supported_langs":{"version":0,"block":{"attributes":{"id":{"type":"string","description_kind":"plain","optional":true,"computed":true},"languages":{"type":["set","string"],"description":"Languages supported by Akamai","description_kind":"plain","computed":true}},"description":"List all the possible languages Akamai supports","description_kind":"plain"}},"akamai_iam_timeout_policies":{"version":0,"block":{"attributes":{"id":{"type":"string","description_kind":"plain","optional":true,"computed":true},"policies":{"type":["map","number"],"description":"Session timeout policies","description_kind":"plain","computed":true}},"description":"Lists all session timeout policies Akamai supports","description_kind":"plain"}},"akamai_networklist_network_lists":{"version":0,"block":{"attributes":{"id":{"type":"string","description_kind":"plain","optional":true,"computed":true},"json":{"type":"string","description_kind":"plain","computed":true},"list":{"type":["list","string"],"description_kind":"plain","computed":true},"name":{"type":"string","description_kind":"plain","optional":true},"output_text":{"type":"string","description":"Text Export representation","description_kind":"plain","computed":true},"type":{"type":"string","description_kind":"plain","optional":true},"uniqueid":{"type":"string","description":"uniqueId","description_kind":"plain","computed":true}},"description_kind":"plain"}},"akamai_properties":{"version":0,"block":{"attributes":{"contract_id":{"type":"string","description_kind":"plain","required":true},"group_id":{"type":"string","description_kind":"plain","required":true},"id":{"type":"string","description_kind":"plain","optional":true,"computed":true},"properties":{"type":["list",["object",{"contract_id":"string","group_id":"string","latest_version":"number","note":"string","product_id":"string","production_version":"number","property_id":"string","property_name":"string","rule_format":"string","staging_version":"number"}]],"description":"List of properties","description_kind":"plain","computed":true}},"description_kind":"plain"}},"akamai_property":{"version":1,"block":{"attributes":{"id":{"type":"string","description_kind":"plain","optional":true,"computed":true},"name":{"type":"string","description_kind":"plain","required":true},"rules":{"type":"string","description_kind":"plain","computed":true},"version":{"type":"number","description_kind":"plain","optional":true}},"description_kind":"plain"}},"akamai_property_hostnames":{"version":0,"block":{"attributes":{"contract_id":{"type":"string","description_kind":"plain","required":true},"group_id":{"type":"string","description_kind":"plain","required":true},"hostnames":{"type":["list",["object",{"cert_provisioning_type":"string","cert_status":["list",["object",{"hostname":"string","production_status":"string","staging_status":"string","target":"string"}]],"cname_from":"string","cname_to":"string","cname_type":"string","edge_hostname_id":"string"}]],"description":"List of hostnames","description_kind":"plain","computed":true},"id":{"type":"string","description_kind":"plain","optional":true,"computed":true},"property_id":{"type":"string","description_kind":"plain","required":true},"version":{"type":"number","description":"This is a computed value - provider will always use 'latest' version, providing own version number is not supported","description_kind":"plain","computed":true}},"description_kind":"plain"}},"akamai_property_products":{"version":0,"block":{"attributes":{"contract_id":{"type":"string","description_kind":"plain","required":true},"id":{"type":"string","description_kind":"plain","optional":true,"computed":true},"products":{"type":["list",["object",{"product_id":"string","product_name":"string"}]],"description":"List of products","description_kind":"plain","computed":true}},"description_kind":"plain"}},"akamai_property_rule_formats":{"version":0,"block":{"attributes":{"id":{"type":"string","description_kind":"plain","optional":true,"computed":true},"rule_format":{"type":["list","string"],"description_kind":"plain","computed":true}},"description_kind":"plain"}},"akamai_property_rules":{"version":0,"block":{"attributes":{"contract_id":{"type":"string","description_kind":"plain","optional":true,"computed":true},"errors":{"type":"string","description_kind":"plain","computed":true},"group_id":{"type":"string","description_kind":"plain","optional":true,"computed":true},"id":{"type":"string","description_kind":"plain","optional":true,"computed":true},"property_id":{"type":"string","description_kind":"plain","required":true},"rules":{"type":"string","description":"JSON Rule representation","description_kind":"plain","computed":true},"version":{"type":"number","description":"This is a computed value - provider will always use 'latest' version, providing own version number is not supported","description_kind":"plain","optional":true,"computed":true}},"description_kind":"plain"}},"akamai_property_rules_template":{"version":0,"block":{"attributes":{"id":{"type":"string","description_kind":"plain","optional":true,"computed":true},"json":{"type":"string","description_kind":"plain","computed":true},"template_file":{"type":"string","description":"File path to the template file inside 'property-snippets' subfolder","description_kind":"plain","optional":true},"var_definition_file":{"type":"string","description_kind":"plain","optional":true},"var_values_file":{"type":"string","description_kind":"plain","optional":true}},"block_types":{"template":{"nesting_mode":"set","block":{"attributes":{"template_data":{"type":"string","description":"Content of the template as string","description_kind":"plain","required":true},"template_dir":{"type":"string","description":"Directory points to a folder ending with 'property-snippets', which contains snippets to include into template.","description_kind":"plain","required":true}},"description_kind":"plain"}},"variables":{"nesting_mode":"set","block":{"attributes":{"name":{"type":"string","description_kind":"plain","required":true},"type":{"type":"string","description_kind":"plain","optional":true},"value":{"type":"string","description_kind":"plain","required":true}},"description_kind":"plain"}}},"description_kind":"plain"}}}}}}
