{"format_version":"0.2","provider_schemas":{"registry.terraform.io/alertmixer/amixr":{"provider":{"version":0,"block":{"attributes":{"token":{"type":"string","description_kind":"plain","required":true}},"description_kind":"plain"}},"resource_schemas":{"amixr_escalation":{"version":0,"block":{"attributes":{"action_to_trigger":{"type":"string","description_kind":"plain","optional":true},"duration":{"type":"number","description_kind":"plain","optional":true},"group_to_notify":{"type":"string","description_kind":"plain","optional":true},"id":{"type":"string","description_kind":"plain","optional":true,"computed":true},"important":{"type":"bool","description_kind":"plain","optional":true},"notify_if_time_from":{"type":"string","description_kind":"plain","optional":true},"notify_if_time_to":{"type":"string","description_kind":"plain","optional":true},"notify_on_call_from_schedule":{"type":"string","description_kind":"plain","optional":true},"persons_to_notify":{"type":["set","string"],"description_kind":"plain","optional":true},"persons_to_notify_next_each_time":{"type":["set","string"],"description_kind":"plain","optional":true},"position":{"type":"number","description_kind":"plain","required":true},"route_id":{"type":"string","description_kind":"plain","required":true},"type":{"type":"string","description_kind":"plain","optional":true}},"description_kind":"plain"}},"amixr_integration":{"version":0,"block":{"attributes":{"default_route_id":{"type":"string","description_kind":"plain","computed":true},"id":{"type":"string","description_kind":"plain","optional":true,"computed":true},"link":{"type":"string","description_kind":"plain","computed":true},"name":{"type":"string","description_kind":"plain","required":true},"type":{"type":"string","description_kind":"plain","required":true}},"block_types":{"templates":{"nesting_mode":"list","block":{"attributes":{"grouping_key":{"type":"string","description_kind":"plain","optional":true},"resolve_signal":{"type":"string","description_kind":"plain","optional":true}},"block_types":{"slack":{"nesting_mode":"list","block":{"attributes":{"image_url":{"type":"string","description_kind":"plain","optional":true},"message":{"type":"string","description_kind":"plain","optional":true},"title":{"type":"string","description_kind":"plain","optional":true}},"description_kind":"plain"},"max_items":1}},"description_kind":"plain"},"max_items":1}},"description_kind":"plain"}},"amixr_on_call_shift":{"version":0,"block":{"attributes":{"by_day":{"type":["set","string"],"description_kind":"plain","optional":true},"by_month":{"type":["set","number"],"description_kind":"plain","optional":true},"by_monthday":{"type":["set","number"],"description_kind":"plain","optional":true},"duration":{"type":"number","description_kind":"plain","required":true},"frequency":{"type":"string","description_kind":"plain","optional":true},"id":{"type":"string","description_kind":"plain","optional":true,"computed":true},"interval":{"type":"number","description_kind":"plain","optional":true},"level":{"type":"number","description_kind":"plain","optional":true},"name":{"type":"string","description_kind":"plain","required":true},"rolling_users":{"type":["list",["set","string"]],"description_kind":"plain","optional":true},"schedule_id":{"type":"string","description_kind":"plain","required":true},"start":{"type":"string","description_kind":"plain","required":true},"type":{"type":"string","description_kind":"plain","required":true},"users":{"type":["set","string"],"description_kind":"plain","optional":true},"week_start":{"type":"string","description_kind":"plain","optional":true}},"description_kind":"plain"}},"amixr_route":{"version":0,"block":{"attributes":{"id":{"type":"string","description_kind":"plain","optional":true,"computed":true},"integration_id":{"type":"string","description_kind":"plain","required":true},"position":{"type":"number","description_kind":"plain","required":true},"routing_regex":{"type":"string","description_kind":"plain","required":true}},"block_types":{"slack":{"nesting_mode":"list","block":{"attributes":{"channel_id":{"type":"string","description_kind":"plain","required":true}},"description_kind":"plain"},"max_items":1}},"description_kind":"plain"}},"amixr_schedule":{"version":0,"block":{"attributes":{"ical_url":{"type":"string","description_kind":"plain","optional":true},"id":{"type":"string","description_kind":"plain","optional":true,"computed":true},"name":{"type":"string","description_kind":"plain","required":true},"time_zone":{"type":"string","description_kind":"plain","optional":true}},"block_types":{"slack":{"nesting_mode":"list","block":{"attributes":{"channel_id":{"type":"string","description_kind":"plain","optional":true}},"description_kind":"plain"},"max_items":1}},"description_kind":"plain"}}},"data_source_schemas":{"amixr_action":{"version":0,"block":{"attributes":{"id":{"type":"string","description_kind":"plain","optional":true,"computed":true},"integration_id":{"type":"string","description_kind":"plain","required":true},"name":{"type":"string","description_kind":"plain","required":true}},"description_kind":"plain"}},"amixr_schedule":{"version":0,"block":{"attributes":{"id":{"type":"string","description_kind":"plain","optional":true,"computed":true},"name":{"type":"string","description_kind":"plain","required":true},"type":{"type":"string","description_kind":"plain","computed":true}},"description_kind":"plain"}},"amixr_slack_channel":{"version":0,"block":{"attributes":{"id":{"type":"string","description_kind":"plain","optional":true,"computed":true},"name":{"type":"string","description_kind":"plain","required":true},"slack_id":{"type":"string","description_kind":"plain","computed":true}},"description_kind":"plain"}},"amixr_user":{"version":0,"block":{"attributes":{"email":{"type":"string","description_kind":"plain","required":true},"id":{"type":"string","description_kind":"plain","optional":true,"computed":true},"name":{"type":"string","description_kind":"plain","computed":true},"role":{"type":"string","description_kind":"plain","computed":true},"team_id":{"type":"string","description_kind":"plain","computed":true}},"description_kind":"plain"}},"amixr_user_group":{"version":0,"block":{"attributes":{"id":{"type":"string","description_kind":"plain","optional":true,"computed":true},"slack_handle":{"type":"string","description_kind":"plain","required":true}},"description_kind":"plain"}}}}}}
