{"format_version":"0.2","provider_schemas":{"registry.terraform.io/alkiranet/alkira":{"provider":{"version":0,"block":{"attributes":{"password":{"type":"string","description":"Your Tenant Password.","description_kind":"plain","required":true},"portal":{"type":"string","description":"The URL for Alkira Custom Portal.","description_kind":"plain","required":true},"username":{"type":"string","description":"Your Tenant Username.","description_kind":"plain","required":true}},"description_kind":"plain"}},"resource_schemas":{"alkira_billing_tag":{"version":0,"block":{"attributes":{"description":{"type":"string","description":"Billing Tag Description.","description_kind":"plain","optional":true},"id":{"type":"string","description_kind":"plain","optional":true,"computed":true},"name":{"type":"string","description":"Billing Tag Name.","description_kind":"plain","required":true}},"description":"Manage Billing Tag.","description_kind":"plain"}},"alkira_connector_aws_vpc":{"version":0,"block":{"attributes":{"aws_account_id":{"type":"string","description":"AWS Account ID.","description_kind":"plain","required":true},"aws_region":{"type":"string","description":"AWS Region where VPC resides.","description_kind":"plain","required":true},"billing_tag_ids":{"type":["list","number"],"description":"Tags for billing.","description_kind":"plain","optional":true},"credential_id":{"type":"string","description":"ID of credential managed by Credential Manager.","description_kind":"plain","required":true},"cxp":{"type":"string","description":"The CXP where the connector should be provisioned.","description_kind":"plain","required":true},"group":{"type":"string","description":"The group of the connector.","description_kind":"plain","optional":true},"id":{"type":"string","description_kind":"plain","optional":true,"computed":true},"name":{"type":"string","description":"The name of the connector.","description_kind":"plain","required":true},"segment_id":{"type":"number","description":"The ID of segments associated with the connector. Currently, only `1` segment is allowed.","description_kind":"plain","required":true},"size":{"type":"string","description":"The size of the connector, one of `SMALL`, `MEDIUM`, `LARGE`, `2LARGE`.","description_kind":"plain","required":true},"vpc_cidr":{"type":["list","string"],"description":"The list of CIDR attached to the target VPC for routing purpose. It could be only specified if `vpc_subnet` is not specified.","description_kind":"plain","optional":true},"vpc_id":{"type":"string","description":"The ID of the target VPC.","description_kind":"plain","required":true}},"block_types":{"vpc_route_table":{"nesting_mode":"set","block":{"attributes":{"id":{"type":"string","description":"The Id of the route table","description_kind":"plain","optional":true},"options":{"type":"string","description":"Routing options, one of `ADVERTISE_DEFAULT_ROUTE`, `OVERRIDE_DEFAULT_ROUTE` and `ADVERTISE_CUSTOM_PREFIX`.","description_kind":"plain","optional":true},"prefix_list_ids":{"type":["list","number"],"description":"Prefix List IDs","description_kind":"plain","optional":true}},"description":"VPC route table","description_kind":"plain"}},"vpc_subnet":{"nesting_mode":"set","block":{"attributes":{"cidr":{"type":"string","description":"The CIDR of the subnet.","description_kind":"plain","optional":true},"id":{"type":"string","description":"The Id of the subnet.","description_kind":"plain","optional":true}},"description":"The list of subnets of the target VPC for routing purpose. It could only specified if `vpc_cidr` is not specified.","description_kind":"plain"}}},"description":"Manage AWS Cloud Connector.","description_kind":"plain"}},"alkira_connector_azure_vnet":{"version":0,"block":{"attributes":{"azure_region":{"type":"string","description":"Azure Region where VNET resides.","description_kind":"plain","required":true},"azure_vnet_id":{"type":"string","description":"Azure Virtual Network Id.","description_kind":"plain","required":true},"billing_tag_ids":{"type":["list","number"],"description":"Tags for billing.","description_kind":"plain","optional":true},"credential_id":{"type":"string","description":"ID of credential managed by Credential Manager.","description_kind":"plain","required":true},"cxp":{"type":"string","description":"The CXP where the connector should be provisioned.","description_kind":"plain","required":true},"group":{"type":"string","description":"The group of the connector.","description_kind":"plain","optional":true},"id":{"type":"string","description_kind":"plain","optional":true,"computed":true},"name":{"type":"string","description":"The name of the connector.","description_kind":"plain","required":true},"routing_options":{"type":"string","description":"Routing options, either `ADVERTISE_DEFAULT_ROUTE` or `ADVERTISE_CUSTOM_PREFIX`.","description_kind":"plain","optional":true},"routing_prefix_list_ids":{"type":["list","number"],"description":"Prefix List IDs.","description_kind":"plain","optional":true},"segment_id":{"type":"number","description":"The ID of the segment assoicated with the connector.","description_kind":"plain","required":true},"size":{"type":"string","description":"The size of the connector, one of `SMALL`, `MEDIUM` or `LARGE`.","description_kind":"plain","required":true}},"description":"Manage Azure Cloud Connector.","description_kind":"plain"}},"alkira_connector_cisco_sdwan":{"version":0,"block":{"attributes":{"billing_tag_ids":{"type":["list","number"],"description":"A list of Billing Tag by ID associated with the connector.","description_kind":"plain","optional":true},"cxp":{"type":"string","description":"The CXP where the connector should be provisioned.","description_kind":"plain","required":true},"group":{"type":"string","description":"The group of the connector.","description_kind":"plain","optional":true},"id":{"type":"string","description_kind":"plain","optional":true,"computed":true},"name":{"type":"string","description":"The name of the connector.","description_kind":"plain","required":true},"size":{"type":"string","description":"The size of the connector. one of `SMALL`, `MEDIUM` and `LARGE`.","description_kind":"plain","required":true},"version":{"type":"string","description":"The version of Cisco SD-WAN.","description_kind":"plain","required":true}},"block_types":{"vedge":{"nesting_mode":"set","block":{"attributes":{"cloud_init_file":{"type":"string","description":"The cloud-init file for the vEdge.","description_kind":"plain","optional":true},"credential_id":{"type":"string","description":"The ID of the credential for Cisco SD-WAN.","description_kind":"plain","required":true},"hostname":{"type":"string","description":"The hostname of the vEdge.","description_kind":"plain","optional":true}},"description":"Cisco vEdge","description_kind":"plain"}},"vrf_segment_mapping":{"nesting_mode":"set","block":{"attributes":{"advertise_on_prem_routes":{"type":"bool","description":"Advertise On Prem Routes.","description_kind":"plain","optional":true},"allow_nat_exit":{"type":"bool","description":"Allow NAT exit.","description_kind":"plain","optional":true},"segment_id":{"type":"number","description":"Segment ID.","description_kind":"plain","required":true},"vrf_id":{"type":"number","description":"VRF ID.","description_kind":"plain","required":true}},"description":"Specify target segment for VRF.","description_kind":"plain"}}},"description":"Manage Cisco SD-WAN Connector.","description_kind":"plain"}},"alkira_connector_gcp_vpc":{"version":0,"block":{"attributes":{"billing_tag_ids":{"type":["list","number"],"description":"Tags for billing.","description_kind":"plain","optional":true},"credential_id":{"type":"string","description":"ID of credential managed by Credential Manager.","description_kind":"plain","required":true},"cxp":{"type":"string","description":"The CXP where the connector should be provisioned.","description_kind":"plain","required":true},"gcp_region":{"type":"string","description":"GCP region where VPC resides.","description_kind":"plain","required":true},"gcp_vpc_id":{"type":"string","description":"GCP VPC ID.","description_kind":"plain","required":true},"gcp_vpc_name":{"type":"string","description":"GCP VPC name.","description_kind":"plain","required":true},"group":{"type":"string","description":"The group of the connector.","description_kind":"plain","optional":true},"id":{"type":"string","description_kind":"plain","optional":true,"computed":true},"name":{"type":"string","description":"The name of the connector.","description_kind":"plain","required":true},"segment_id":{"type":"number","description":"The ID of the segment associated with the connector.","description_kind":"plain","required":true},"size":{"type":"string","description":"The size of the connector, one of `SMALL`, `MEDIUM` or `LARGE`.","description_kind":"plain","required":true}},"description":"Manage GCP Cloud Connector.","description_kind":"plain"}},"alkira_connector_internet_exit":{"version":0,"block":{"attributes":{"billing_tag_ids":{"type":["list","number"],"description":"The list of billing tag IDs.","description_kind":"plain","optional":true},"cxp":{"type":"string","description":"The CXP where the connector should be provisioned.","description_kind":"plain","required":true},"description":{"type":"string","description":"The description of the connector.","description_kind":"plain","optional":true},"group":{"type":"string","description":"The group of the connector.","description_kind":"plain","optional":true},"id":{"type":"string","description_kind":"plain","optional":true,"computed":true},"name":{"type":"string","description":"The name of the connector.","description_kind":"plain","required":true},"segment_id":{"type":"string","description":"ID of segment associated with the connector.","description_kind":"plain","required":true},"size":{"type":"string","description":"The size of the connector, one of `SMALL`, `MEDIUM`, or `LARGE`.","description_kind":"plain","required":true}},"description":"Manage Internet Exit.\n\nAn internet exit is an exit from the CXP to theinternet and allows the traffic fromthe various Users \u0026 Sites or Cloud Connectors toflow towards the Internet.","description_kind":"plain"}},"alkira_connector_ipsec":{"version":0,"block":{"attributes":{"billing_tag_ids":{"type":["list","number"],"description":"A list of Billing Tag by Id associated with the connector.","description_kind":"plain","optional":true},"cxp":{"type":"string","description":"The CXP where the connector should be provisioned.","description_kind":"plain","required":true},"group":{"type":"string","description":"The group of the connector.","description_kind":"plain","optional":true},"id":{"type":"string","description_kind":"plain","optional":true,"computed":true},"name":{"type":"string","description":"The name of the connector.","description_kind":"plain","required":true},"segment_id":{"type":"number","description":"The Id of the segment associated with the connector.","description_kind":"plain","required":true},"size":{"type":"string","description":"The size of the connector. one of `SMALL`, `MEDIUM` and `LARGE`.","description_kind":"plain","required":true},"vpn_mode":{"type":"string","description":"The connector can be configured either in `ROUTE_BASED` or `POLICY_BASED`.","description_kind":"plain","required":true}},"block_types":{"endpoint":{"nesting_mode":"set","block":{"attributes":{"customer_gateway_ip":{"type":"string","description":"The IP address of the customer gateway.","description_kind":"plain","required":true},"enable_tunnel_redundancy":{"type":"bool","description":"indicates to Alkira that health for the site should be reported as good as long as any one of the tunnels is up.","description_kind":"plain","optional":true},"name":{"type":"string","description":"The name of the endpoint.","description_kind":"plain","required":true},"preshared_keys":{"type":["list","string"],"description":"An array of presharedKeys, one per tunnel.","description_kind":"plain","optional":true}},"block_types":{"advanced":{"nesting_mode":"set","block":{"attributes":{"dpd_delay":{"type":"string","description":"Interval to check the liveness of a peer.","description_kind":"plain","required":true},"dpd_timeout":{"type":"string","description":"Timeouts to check the liveness of a peer. IKEv1 only.","description_kind":"plain","required":true},"esp_dh_group_numbers":{"type":"string","description_kind":"plain","required":true},"esp_encryption_algorithms":{"type":"string","description_kind":"plain","required":true},"esp_integrity_algorithms":{"type":"string","description_kind":"plain","required":true},"esp_life_time":{"type":"number","description":"Maximum IPsec ESP lifetime if the IPsec ESP does not rekey.","description_kind":"plain","required":true},"esp_random_time":{"type":"string","description_kind":"plain","required":true},"esp_rekey_time":{"type":"string","description_kind":"plain","required":true},"ike_dh_group_numbers":{"type":"string","description":"Diffie Hellman groups to use for IKE SA, one of `MODP1024`, `MODP2048`, `MODP3072`, `MODP4096`, `MODP6144`, `MODP8192`, `ECP256`, `ECP384`, `ECP521`, `CURVE25519`","description_kind":"plain","required":true},"ike_encryption_algorithms":{"type":"string","description":"Encryption algorithms to use for IKE SA, one of `AES256CBC`, `AES192CBC`, `AES128CBC`.","description_kind":"plain","required":true},"ike_integrity_algorithms":{"type":"string","description":"Integrity algorithms to use for IKE SA, one of `SHA1`, `SHA256`, `SHA384`, `SHA512`.","description_kind":"plain","required":true},"ike_over_time":{"type":"number","description":"Maximum IKE SA lifetime if the IKE SA does not rekey.","description_kind":"plain","required":true},"ike_random_time":{"type":"number","description":"Time range from which to choose a random value to subtract from rekey times.","description_kind":"plain","required":true},"ike_rekey_time":{"type":"number","description":"IKE tunnel rekey time.","description_kind":"plain","required":true},"ike_version":{"type":"string","description":"IKE version, either `IKEv1` or `IKEv2`","description_kind":"plain","required":true},"initiator":{"type":"string","description_kind":"plain","required":true},"local_auth_type":{"type":"string","description":"Local-ID type - IKE identity to use for authentication round, one of `FQDN`, `USER_FQDN`, `KEYID`, `IP_ADDR`.","description_kind":"plain","required":true},"local_auth_value":{"type":"string","description":"Local-ID value.","description_kind":"plain","required":true},"remote_auth_type":{"type":"string","description":"Remote-ID type - IKE identity to use for authentication round, one of `FQDN`, `USER_FQDN`, `KEYID`, `IP_ADDR`.","description_kind":"plain","required":true},"remote_auth_value":{"type":"string","description":"Remote-ID value.","description_kind":"plain","required":true},"replay_window_size":{"type":"number","description":"IPsec replay window for the IPsec SA.","description_kind":"plain","required":true}},"description_kind":"plain"}}},"description":"The endpoint.","description_kind":"plain"}},"policy_options":{"nesting_mode":"set","block":{"attributes":{"cxp_prefix_list_ids":{"type":["list","number"],"description":"CXP Prefix List IDs.","description_kind":"plain","required":true},"on_prem_prefix_list_ids":{"type":["list","number"],"description":"On Prem Prefix List IDs.","description_kind":"plain","required":true}},"description":"Policy options, both on-prem and cxp prefix list ids must be provided if vpnMode is `POLICY_BASED`","description_kind":"plain"}},"routing_options":{"nesting_mode":"set","block":{"attributes":{"availability":{"type":"string","description":"The method to determine the availability of static route. The value could be `IKE_STATUS` or `IPSEC_INTERFACE_PING`.","description_kind":"plain","optional":true},"bgp_auth_key":{"type":"string","description":" BGP MD5 auth key for Alkira to authenticate Alkira CXP (On Premise Gateway).","description_kind":"plain","optional":true},"customer_gateway_asn":{"type":"string","description":"The customer gateway ASN to use for dynamic route propagation.","description_kind":"plain","optional":true},"prefix_list_id":{"type":"number","description":"The id of prefix list to use for static route propagation.","description_kind":"plain","optional":true},"type":{"type":"string","description":"Routing type, one of `STATIC`, `DYNAMIC`, or `BOTH`.","description_kind":"plain","required":true}},"description":"Routing options, type is `STATIC`, `DYNAMIC`, or `BOTH` must be provided if `vpn_mode` is `ROUTE_BASED`","description_kind":"plain"}},"segment_options":{"nesting_mode":"set","block":{"attributes":{"disable_advertise_on_prem_routes":{"type":"bool","description":"Additional options for each segment associated with the connector.","description_kind":"plain","optional":true},"disable_internet_exit":{"type":"bool","description":"Enable or disable access to the internet when traffic arrives via this connector.","description_kind":"plain","optional":true},"name":{"type":"string","description":"Segment Name.","description_kind":"plain","required":true}},"description":"Additional options for each segment associated with the connector","description_kind":"plain"}}},"description":"Manage IPSec Connector.","description_kind":"plain"}},"alkira_credential_aws_vpc":{"version":0,"block":{"attributes":{"aws_access_key":{"type":"string","description":"AWS access key","description_kind":"plain","optional":true},"aws_external_id":{"type":"string","description":"The AWS Role External ID","description_kind":"plain","optional":true},"aws_role_arn":{"type":"string","description":"The AWS Role Arn","description_kind":"plain","optional":true},"aws_secret_key":{"type":"string","description":"AWS secret key","description_kind":"plain","optional":true},"id":{"type":"string","description_kind":"plain","optional":true,"computed":true},"name":{"type":"string","description":"The name of the credential","description_kind":"plain","required":true},"type":{"type":"string","description":"The Type of AWS-VPC credential","description_kind":"plain","required":true}},"description":"Manage AWS credential for authentication.\n\nThe following methods are supported:\n\n - Static credentials\n - Environment variables\n\n*** Static Credentials:\n\nStatic credentials can be provided by adding an `aws_access_key`and `aws_secret_key` in-line in the AWS provider block.\n\n*** Environment Variables:\n\nYou can provide your credentials via the `AWS_ACCESS_KEY_ID` and`AWS_SECRET_ACCESS_KEY`, environment variables, representing yourAWS Access Key and AWS Secret Key, respectively.","description_kind":"plain"}},"alkira_credential_azure_vnet":{"version":0,"block":{"attributes":{"application_id":{"type":"string","description":"The Application ID","description_kind":"plain","required":true},"id":{"type":"string","description_kind":"plain","optional":true,"computed":true},"name":{"type":"string","description":"The name of the credential","description_kind":"plain","required":true},"secret_key":{"type":"string","description":"The Secret Key","description_kind":"plain","required":true},"subscription_id":{"type":"string","description":"The subscription ID","description_kind":"plain","required":true},"tenant_id":{"type":"string","description":"The Tenant ID","description_kind":"plain","required":true}},"description_kind":"plain"}},"alkira_credential_cisco_sdwan":{"version":0,"block":{"attributes":{"id":{"type":"string","description_kind":"plain","optional":true,"computed":true},"name":{"type":"string","description":"The name of the credential","description_kind":"plain","required":true},"password":{"type":"string","description":"Cisco SD-WAN password","description_kind":"plain","optional":true},"username":{"type":"string","description":"Cisco SD-WAN username","description_kind":"plain","optional":true}},"description":"Manage Cisco SD-WAN credential for authentication.\n\nThe following methods are supported:\n\n - Static credentials\n - Environment variables\n\n*** Static Credentials:\n\nStatic credentials can be provided by adding an `username`and `password` in-line in the CISCO SD-WAN block.\n\n*** Environment Variables:\n\nYou can provide your credentials via the `CISCO_SDWAN_USERNAME` and`CISCO_SDWAN_PASSWORD`, environment variables, representing yourCisco SD-WAN username and password, respectively.","description_kind":"plain"}},"alkira_credential_gcp_vpc":{"version":0,"block":{"attributes":{"auth_provider":{"type":"string","description":"Authentication Provider","description_kind":"plain","required":true},"auth_uri":{"type":"string","description":"Authentication URI","description_kind":"plain","required":true},"client_email":{"type":"string","description":"Client email","description_kind":"plain","required":true},"client_id":{"type":"string","description":"Client ID","description_kind":"plain","required":true},"client_x509_cert_url":{"type":"string","description":"Client X509 Cert URL","description_kind":"plain","required":true},"id":{"type":"string","description_kind":"plain","optional":true,"computed":true},"name":{"type":"string","description":"The name of the credential","description_kind":"plain","required":true},"private_key":{"type":"string","description":"Private Key","description_kind":"plain","required":true},"private_key_id":{"type":"string","description":"Private Key ID","description_kind":"plain","required":true},"project_id":{"type":"string","description":"Project ID","description_kind":"plain","required":true},"token_uri":{"type":"string","description":"Token URI","description_kind":"plain","required":true},"type":{"type":"string","description":"Type","description_kind":"plain","required":true}},"description_kind":"plain"}},"alkira_credential_pan":{"version":0,"block":{"attributes":{"id":{"type":"string","description_kind":"plain","optional":true,"computed":true},"license_key":{"type":"string","description":"PAN license key","description_kind":"plain","required":true},"name":{"type":"string","description":"The name of the credential","description_kind":"plain","required":true},"password":{"type":"string","description":"PAN password","description_kind":"plain","required":true},"username":{"type":"string","description":"PAN username","description_kind":"plain","required":true}},"description_kind":"plain"}},"alkira_credential_pan_instance":{"version":0,"block":{"attributes":{"auth_code":{"type":"string","description":"PAN instance auth code","description_kind":"plain","required":true},"auth_key":{"type":"string","description":"PAN instance auth key","description_kind":"plain","required":true},"id":{"type":"string","description_kind":"plain","optional":true,"computed":true},"license_key":{"type":"string","description":"PAN license key","description_kind":"plain","required":true},"name":{"type":"string","description":"The name of the credential","description_kind":"plain","required":true},"password":{"type":"string","description":"PAN password","description_kind":"plain","required":true},"username":{"type":"string","description":"PAN username","description_kind":"plain","required":true}},"description_kind":"plain"}},"alkira_group":{"version":0,"block":{"attributes":{"description":{"type":"string","description":"The description of the group.","description_kind":"plain","optional":true},"id":{"type":"string","description_kind":"plain","optional":true,"computed":true},"name":{"type":"string","description":"The name of the group.","description_kind":"plain","required":true}},"description":"Manage groups\n\nGroups can contain one or many connectors across different segments. This grouping of connectors can be for policy enforcement purposes or for monitoring purposes within the network. It allows for easier policy assignment by assigning policies to the entire group at the same time instead of having to assign them individually.","description_kind":"plain"}},"alkira_internet_application":{"version":0,"block":{"attributes":{"billing_tag_ids":{"type":["list","number"],"description":"IDs of billing tags.","description_kind":"plain","optional":true},"connector_id":{"type":"string","description":"Connector ID.","description_kind":"plain","required":true},"connector_type":{"type":"string","description":"Connector Type.","description_kind":"plain","required":true},"fqdn_prefix":{"type":"string","description":"User provided FQDN prefix that will be published on route53.","description_kind":"plain","required":true},"group_id":{"type":"number","description":"ID of the auto generated system group.","description_kind":"plain","computed":true},"id":{"type":"string","description_kind":"plain","optional":true,"computed":true},"name":{"type":"string","description":"The name of the internet application.","description_kind":"plain","required":true},"private_ip":{"type":"string","description":"The private IP associated with the internet application.","description_kind":"plain","required":true},"private_port":{"type":"string","description":"The private port associated with the internet application.","description_kind":"plain","required":true},"segment_id":{"type":"number","description":"The ID of segment associated with the internet application.","description_kind":"plain","required":true},"size":{"type":"string","description":"The size of the internet application, one of `SMALL`, `MEDIUM` and `LARGE`.","description_kind":"plain","required":true}},"description":"Manage Internet Application.\n\nThe internet facing applications could be used with bothUsers \u0026 Sites or Cloud Connectors.","description_kind":"plain"}},"alkira_policy":{"version":0,"block":{"attributes":{"description":{"type":"string","description":"The description of the policy.","description_kind":"plain","optional":true},"enabled":{"type":"bool","description":"Whether the policy is enabled.","description_kind":"plain","required":true},"from_groups":{"type":["list","number"],"description":"IDs of groups that will define source in the policy scope","description_kind":"plain","required":true},"id":{"type":"string","description_kind":"plain","optional":true,"computed":true},"name":{"type":"string","description":"The name of the policy.","description_kind":"plain","required":true},"rule_list_id":{"type":"number","description":"The `rulelist` that will be used by the policy.","description_kind":"plain","required":true},"segment_ids":{"type":["list","number"],"description":"IDs of segments that will define the policy scope.","description_kind":"plain","required":true},"to_groups":{"type":["list","number"],"description":"IDs of groups that will define destination in the policy scope.","description_kind":"plain","required":true}},"description":"Manage policy.","description_kind":"plain"}},"alkira_policy_prefix_list":{"version":0,"block":{"attributes":{"description":{"type":"string","description":"The description of the prefix list.","description_kind":"plain","optional":true},"id":{"type":"string","description_kind":"plain","optional":true,"computed":true},"name":{"type":"string","description":"The name of the prefix list.","description_kind":"plain","required":true},"prefixes":{"type":["list","string"],"description":"A list of prefixes.","description_kind":"plain","required":true}},"description":"Manage policy prefix list.","description_kind":"plain"}},"alkira_policy_rule":{"version":0,"block":{"attributes":{"application_family_ids":{"type":["list","number"],"description_kind":"plain","optional":true},"application_ids":{"type":["list","number"],"description_kind":"plain","optional":true},"description":{"type":"string","description":"The description of the policy rule.","description_kind":"plain","optional":true},"dscp":{"type":"string","description":"The dscp value can be `any` or between `0` to `63` inclusive.","description_kind":"plain","required":true},"dst_ip":{"type":"string","description":"A single destination IP as The match condition of the rule.","description_kind":"plain","optional":true},"dst_ports":{"type":["list","string"],"description":"Destination ports that can take values: `any` or `1` to `65535`.","description_kind":"plain","optional":true},"dst_prefix_list_id":{"type":"number","description":"The ID of prefix list as destination associated with the rule.","description_kind":"plain","optional":true},"id":{"type":"string","description_kind":"plain","optional":true,"computed":true},"internet_application_id":{"type":"number","description":"The ID of the internet application associated with the rule. When an internet applciation is selected, destination ip and port will be the private ip and port of the application.","description_kind":"plain","optional":true},"name":{"type":"string","description":"The name of the policy rule.","description_kind":"plain","required":true},"protocol":{"type":"string","description":"The following protocols are supported, `ICMP`, `TCP`, `UDP` or `ANY`.","description_kind":"plain","required":true},"rule_action":{"type":"string","description":"The action that is applied on matched traffic, either `ALLOW` or `DROP`. The default value is `ALLOW`.","description_kind":"plain","optional":true},"rule_action_service_ids":{"type":["list","number"],"description":"Based on the service IDs, traffic is routed to the specified services.","description_kind":"plain","optional":true},"rule_action_service_types":{"type":["list","string"],"description":"Based on the service type, traffic is routed to service of the given type.","description_kind":"plain","optional":true},"src_ip":{"type":"string","description":"A single source IP as The match condition of the rule.","description_kind":"plain","optional":true},"src_ports":{"type":["list","string"],"description":"Source ports that can take values: `any` or `1` to `65535`.","description_kind":"plain","optional":true},"src_prefix_list_id":{"type":"number","description":"The ID of prefix list as source associated with the rule.","description_kind":"plain","optional":true}},"description":"Manage policy rule.\n\nThis resource is usually used along with policy resources:`policy_prefix_list`, `policy_rule_list` and `policy`control the network traffic.","description_kind":"plain"}},"alkira_policy_rule_list":{"version":0,"block":{"attributes":{"description":{"type":"string","description_kind":"plain","optional":true},"id":{"type":"string","description_kind":"plain","optional":true,"computed":true},"name":{"type":"string","description_kind":"plain","required":true}},"block_types":{"rules":{"nesting_mode":"set","block":{"attributes":{"priority":{"type":"number","description_kind":"plain","required":true},"rule_id":{"type":"number","description_kind":"plain","required":true}},"description_kind":"plain"},"min_items":1}},"description_kind":"plain"}},"alkira_segment":{"version":0,"block":{"attributes":{"asn":{"type":"string","description":"The BGP ASN for the segment.","description_kind":"plain","required":true},"cidr":{"type":"string","description":"The CIDR block.","description_kind":"plain","required":true},"id":{"type":"string","description_kind":"plain","optional":true,"computed":true},"name":{"type":"string","description":"The name of the segment.","description_kind":"plain","required":true}},"description":"This resource manages segments.\n\nA Segment is a section of a network isolated from one anotherto make it possible to more effectively control who has accessto what. Segmentation also allows for segregation of resourcesbetween segments for security and isolation purposes.","description_kind":"plain"}},"alkira_service_pan":{"version":0,"block":{"attributes":{"billing_tag_ids":{"type":["list","number"],"description":"Billing tag IDs to associate with the service.","description_kind":"plain","optional":true},"credential_id":{"type":"string","description":"ID of PAN credential managed by credential resource.","description_kind":"plain","required":true},"cxp":{"type":"string","description":"The CXP where the service should be provisioned.","description_kind":"plain","required":true},"id":{"type":"string","description_kind":"plain","optional":true,"computed":true},"license_type":{"type":"string","description":"PAN license type, either `BRING_YOUR_OWN` or `PAY_AS_YOU_GO`.","description_kind":"plain","required":true},"management_segment_id":{"type":"number","description":"Management Segment ID.","description_kind":"plain","required":true},"max_instance_count":{"type":"number","description":"Max number of Panorama instances for auto scale.","description_kind":"plain","required":true},"min_instance_count":{"type":"number","description":"Minimal number of Panorama instances for auto scale. Default value is `0`.","description_kind":"plain","optional":true},"name":{"type":"string","description":"Name of the PAN service.","description_kind":"plain","required":true},"panorama_device_group":{"type":"string","description":"Panorama device group.","description_kind":"plain","optional":true},"panorama_enabled":{"type":"bool","description":"Enable Panorama or not. Default value is `false`.","description_kind":"plain","optional":true},"panorama_ip_address":{"type":"string","description":"Panorama IP address.","description_kind":"plain","optional":true},"panorama_template":{"type":"string","description":"Panorama Template.","description_kind":"plain","optional":true},"segment_ids":{"type":["list","number"],"description":"IDs of segments associated with the service.","description_kind":"plain","required":true},"size":{"type":"string","description":"The size of the service, one of `SMALL`, `MEDIUM`, `LARGE`.","description_kind":"plain","required":true},"tunnel_protocol":{"type":"string","description":"Tunnel Protocol, default to `IPSEC`, could be either `IPSEC` or `GRE`.","description_kind":"plain","optional":true},"type":{"type":"string","description":"The type of the PAN firewall.","description_kind":"plain","required":true},"version":{"type":"string","description":"The version of the PAN firewall.","description_kind":"plain","required":true}},"block_types":{"instance":{"nesting_mode":"set","block":{"attributes":{"credential_id":{"type":"string","description":"ID of PAN instance credential managed by credential resource.","description_kind":"plain","required":true},"name":{"type":"string","description":"The name of the PAN instance.","description_kind":"plain","required":true}},"description_kind":"plain"},"min_items":1},"zones_to_groups":{"nesting_mode":"set","block":{"attributes":{"groups":{"type":["list","string"],"description":"The name of the group.","description_kind":"plain","optional":true},"segment_name":{"type":"string","description":"The name of the segment.","description_kind":"plain","required":true},"zone_name":{"type":"string","description":"The name of the zone.","description_kind":"plain","required":true}},"description_kind":"plain"}}},"description":"Manage PAN firewall.","description_kind":"plain"}},"alkira_tenant_network":{"version":0,"block":{"attributes":{"connectors":{"type":["list","string"],"description_kind":"plain","optional":true},"id":{"type":"string","description_kind":"plain","optional":true,"computed":true},"segments":{"type":["list","string"],"description_kind":"plain","optional":true},"services":{"type":["list","string"],"description_kind":"plain","optional":true}},"description_kind":"plain"}}},"data_source_schemas":{"alkira_billing_tag":{"version":0,"block":{"attributes":{"id":{"type":"string","description_kind":"plain","optional":true,"computed":true},"name":{"type":"string","description":"The name of the billing tag.","description_kind":"plain","required":true}},"description":"Use this data source to get information on an existing billing tag.","description_kind":"plain"}},"alkira_credential":{"version":0,"block":{"attributes":{"credential_id":{"type":"string","description":"The ID of the credentials.","description_kind":"plain","optional":true,"computed":true},"id":{"type":"string","description_kind":"plain","optional":true,"computed":true},"name":{"type":"string","description":"The name of the credentials.","description_kind":"plain","required":true}},"description":"Use this data source to get information on an existing credential.","description_kind":"plain"}},"alkira_group":{"version":0,"block":{"attributes":{"group_id":{"type":"number","description":"The ID of the group.","description_kind":"plain","optional":true,"computed":true},"id":{"type":"string","description_kind":"plain","optional":true,"computed":true},"name":{"type":"string","description":"The name of the group.","description_kind":"plain","required":true}},"description":"Use this data source to get information on an existing group.","description_kind":"plain"}},"alkira_policy_prefix_list":{"version":0,"block":{"attributes":{"id":{"type":"string","description_kind":"plain","optional":true,"computed":true},"name":{"type":"string","description":"The name of the policy prefix list.","description_kind":"plain","required":true},"prefixes":{"type":"string","description":"Prefixes in the prefix list.","description_kind":"plain","optional":true,"computed":true}},"description":"Use this data source to get an existing policy prefix list.","description_kind":"plain"}},"alkira_segment":{"version":0,"block":{"attributes":{"id":{"type":"string","description_kind":"plain","optional":true,"computed":true},"name":{"type":"string","description":"The name of the segment.","description_kind":"plain","required":true},"segment_id":{"type":"number","description":"The ID of the segment.","description_kind":"plain","optional":true,"computed":true}},"description":"Use this data source to get information on an existing segment.","description_kind":"plain"}}}}}}
