{"format_version":"0.2","provider_schemas":{"registry.terraform.io/anexia-it/anxcloud":{"provider":{"version":0,"block":{"attributes":{"token":{"type":"string","description":"Anexia Cloud token.","description_kind":"plain","optional":true,"sensitive":true}},"description_kind":"plain"}},"resource_schemas":{"anxcloud_ip_address":{"version":0,"block":{"attributes":{"address":{"type":"string","description":"IP address that should be created","description_kind":"plain","required":true},"description_customer":{"type":"string","description":"Additional customer description.","description_kind":"plain","optional":true},"description_internal":{"type":"string","description":"Internal description.","description_kind":"plain","computed":true},"id":{"type":"string","description_kind":"plain","optional":true,"computed":true},"network_prefix_id":{"type":"string","description":"Identifier of the related network prefix.","description_kind":"plain","required":true},"organization":{"type":"string","description":"Customer of yours. Reseller only.","description_kind":"plain","optional":true},"role":{"type":"string","description":"Role of the IP address","description_kind":"plain","optional":true},"status":{"type":"string","description":"Status of the IP address","description_kind":"plain","computed":true},"version":{"type":"number","description":"IP version.","description_kind":"plain","computed":true},"vlan_id":{"type":"string","description":"The associated VLAN identifier.","description_kind":"plain","computed":true}},"block_types":{"timeouts":{"nesting_mode":"single","block":{"attributes":{"create":{"type":"string","description_kind":"plain","optional":true},"delete":{"type":"string","description_kind":"plain","optional":true},"read":{"type":"string","description_kind":"plain","optional":true},"update":{"type":"string","description_kind":"plain","optional":true}},"description_kind":"plain"}}},"description_kind":"plain"}},"anxcloud_network_prefix":{"version":0,"block":{"attributes":{"cidr":{"type":"string","description":"CIDR of the created prefix.","description_kind":"plain","computed":true},"create_empty":{"type":"bool","description":"whether the prefix should be created with inactive IPs","description_kind":"plain","optional":true},"description_customer":{"type":"string","description":"Additional description.","description_kind":"plain","optional":true},"description_internal":{"type":"string","description":"Internal description.","description_kind":"plain","computed":true},"id":{"type":"string","description_kind":"plain","optional":true,"computed":true},"ip_version":{"type":"number","description":"The Prefix version: 4 = IPv4, 6 = IPv6.","description_kind":"plain","optional":true},"location_id":{"type":"string","description":"Location Identifier.","description_kind":"plain","required":true},"locations":{"type":["list",["object",{"city_code":"string","code":"string","country":"string","identifier":"string","lat":"string","lon":"string","name":"string"}]],"description":"Anexia Cloud Locations.","description_kind":"plain","computed":true},"netmask":{"type":"number","description":"Netmask size. Example: 29 which would result in x.x.x.x/29.","description_kind":"plain","required":true},"organization":{"type":"string","description":"Customer of yours. Reseller only.","description_kind":"plain","optional":true},"role_text":{"type":"string","description":"Role of the prefix.","description_kind":"plain","computed":true},"router_redundancy":{"type":"bool","description":"If router Redundancy shall be enabled.","description_kind":"plain","optional":true},"status":{"type":"string","description":"Status of the created prefix.","description_kind":"plain","computed":true},"type":{"type":"number","description":"The Prefix type: 0 = Public, 1 = Private.","description_kind":"plain","optional":true},"vlan_id":{"type":"string","description":"The corresponding VLAN ID","description_kind":"plain","optional":true}},"block_types":{"timeouts":{"nesting_mode":"single","block":{"attributes":{"create":{"type":"string","description_kind":"plain","optional":true},"delete":{"type":"string","description_kind":"plain","optional":true},"read":{"type":"string","description_kind":"plain","optional":true},"update":{"type":"string","description_kind":"plain","optional":true}},"description_kind":"plain"}}},"description_kind":"plain"}},"anxcloud_tag":{"version":0,"block":{"attributes":{"customer_id":{"type":"string","description":"The identifier of the customer this tag should be assigned to. Leave empty to assign to the organization of the logged in user.","description_kind":"plain","optional":true},"id":{"type":"string","description_kind":"plain","optional":true,"computed":true},"name":{"type":"string","description":"The tag name.","description_kind":"plain","required":true},"organisation_assignments":{"type":["list",["object",{"customer":["list",["object",{"customer_id":"string","demo":"bool","id":"string","name":"string","name_slug":"string","reseller":"string"}]],"service":["list",["object",{"id":"string","name":"string"}]]}]],"description":"Organisation assignments.","description_kind":"plain","computed":true},"service_id":{"type":"string","description":"The identifier of the service this tag should be assigned to.","description_kind":"plain","required":true}},"block_types":{"timeouts":{"nesting_mode":"single","block":{"attributes":{"create":{"type":"string","description_kind":"plain","optional":true},"delete":{"type":"string","description_kind":"plain","optional":true},"read":{"type":"string","description_kind":"plain","optional":true}},"description_kind":"plain"}}},"description_kind":"plain"}},"anxcloud_virtual_server":{"version":0,"block":{"attributes":{"boot_delay":{"type":"number","description":"Boot delay in seconds. Example: (0, 1, …).","description_kind":"plain","optional":true},"cpu_performance_type":{"type":"string","description":"CPU type. Example: (\"best-effort\", \"standard\", \"enterprise\", \"performance\"), defaults to \"standard\".","description_kind":"plain","optional":true},"cpus":{"type":"number","description":"Amount of CPUs.","description_kind":"plain","required":true},"critical_operation_confirmed":{"type":"bool","description":"Confirms a critical operation (if needed). Potentially dangerous operations (e.g. resulting in data loss) require an additional confirmation. The parameter is used for VM UPDATE requests.","description_kind":"plain","optional":true},"dns":{"type":["list","string"],"description":"DNS configuration. Maximum items 4. Defaults to template settings.","description_kind":"plain","optional":true},"enter_bios_setup":{"type":"bool","description":"Start the VM into BIOS setup on next boot.","description_kind":"plain","optional":true},"force_restart_if_needed":{"type":"bool","description":"Certain operations may only be performed in powered off stat.Such as: shrinking memory, shrinking/adding cpu, removing disk, scale a disk beyond 2 GB. Passing this value as true will always execute a power offand reboot request after completing all other operations. Without this flag set to true scaling operations requiring a reboot will fail.","description_kind":"plain","optional":true},"hostname":{"type":"string","description":"Virtual server hostname.","description_kind":"plain","required":true},"id":{"type":"string","description_kind":"plain","optional":true,"computed":true},"info":{"type":["list",["object",{"cores":"number","cpu":"number","custom_name":"string","disks_info":["list",["object",{"bus_type":"string","bus_type_label":"string","disk_gb":"number","disk_id":"number","disk_type":"string","iops":"number","latency":"number","storage_type":"string"}]],"disks_number":"number","guest_os":"string","guest_tools_status":"string","identifier":"string","location_code":"string","location_country":"string","location_name":"string","name":"string","network":["list",["object",{"id":"number","ip_v4":["list","string"],"ip_v6":["list","string"],"mac_address":"string","nic":"number","vlan":"string"}]],"ram":"number","status":"string","version_tools":"string"}]],"description":"Virtual server info","description_kind":"plain","computed":true},"location_id":{"type":"string","description":"Location identifier.","description_kind":"plain","required":true},"memory":{"type":"number","description":"Memory in MB.","description_kind":"plain","required":true},"password":{"type":"string","description":"Plaintext password. Example: ('!anx123mySuperStrongPassword123anx!', 'go3ju0la1ro3', …). USE IT AT YOUR OWN RISK! (or SSH key instead).","description_kind":"plain","optional":true,"sensitive":true},"script":{"type":"string","description":"Script to be executed after provisioning. Should be base64 encoded. Consider the corresponding shebang at the beginning of your script. If you want to use PowerShell, the first line should be: #ps1_sysnative.","description_kind":"plain","optional":true},"sockets":{"type":"number","description":"Amount of CPU sockets Number of cores have to be a multiple of sockets, as they will be spread evenly across all sockets. Defaults to number of cores, i.e. one socket per CPU core.","description_kind":"plain","optional":true},"ssh_key":{"type":"string","description":"Public key (instead of password, only for Linux systems). Recommended over providing a plaintext password.","description_kind":"plain","optional":true},"tags":{"type":["list","string"],"description":"List of tags attached to the Virtual Server.","description_kind":"plain","optional":true},"template_id":{"type":"string","description":"Template identifier.","description_kind":"plain","required":true},"template_type":{"type":"string","description":"OS template type.","description_kind":"plain","required":true}},"block_types":{"disk":{"nesting_mode":"list","block":{"attributes":{"disk_exact":{"type":"number","description":"Exact floating point disk size. Not configurable; just for comparison.","description_kind":"plain","computed":true},"disk_gb":{"type":"number","description":"Requested disk capacity in GB.","description_kind":"plain","required":true},"disk_id":{"type":"number","description":"Device ID of the disk on.","description_kind":"plain","computed":true},"disk_type":{"type":"string","description":"Requested disk category (limits disk performance, e.g. IOPS). Default as defined by data center.","description_kind":"plain","optional":true}},"description":"Virtual Server Disks","description_kind":"plain"},"min_items":1},"network":{"nesting_mode":"list","block":{"attributes":{"ips":{"type":["list","string"],"description":"Requested list of IPs and IPs identifiers. IPs are ignored when using template_type 'from_scratch'. Defaults to free IPs from IP pool attached to VLAN.","description_kind":"plain","optional":true},"nic_type":{"type":"string","description":"Network interface card type.","description_kind":"plain","required":true},"vlan_id":{"type":"string","description":"VLAN identifier.","description_kind":"plain","required":true}},"description":"Network interface","description_kind":"plain"}},"timeouts":{"nesting_mode":"single","block":{"attributes":{"create":{"type":"string","description_kind":"plain","optional":true},"delete":{"type":"string","description_kind":"plain","optional":true},"read":{"type":"string","description_kind":"plain","optional":true},"update":{"type":"string","description_kind":"plain","optional":true}},"description_kind":"plain"}}},"description_kind":"plain"}},"anxcloud_vlan":{"version":0,"block":{"attributes":{"description_customer":{"type":"string","description":"Additional customer description.","description_kind":"plain","optional":true},"description_internal":{"type":"string","description":"Internal description.","description_kind":"plain","computed":true},"id":{"type":"string","description_kind":"plain","optional":true,"computed":true},"location_id":{"type":"string","description":"ANX Location Identifier.","description_kind":"plain","required":true},"locations":{"type":["list",["object",{"city_code":"string","code":"string","country":"string","identifier":"string","lat":"string","lon":"string","name":"string"}]],"description":"Anexia Cloud Locations.","description_kind":"plain","computed":true},"name":{"type":"string","description":"VLAN name.","description_kind":"plain","computed":true},"role_text":{"type":"string","description":"Role of the VLAN.","description_kind":"plain","computed":true},"status":{"type":"string","description":"VLAN status.","description_kind":"plain","computed":true},"vm_provisioning":{"type":"bool","description":"True if VM provisioning shall be enabled. Defaults to false.","description_kind":"plain","optional":true}},"block_types":{"timeouts":{"nesting_mode":"single","block":{"attributes":{"create":{"type":"string","description_kind":"plain","optional":true},"delete":{"type":"string","description_kind":"plain","optional":true},"read":{"type":"string","description_kind":"plain","optional":true},"update":{"type":"string","description_kind":"plain","optional":true}},"description_kind":"plain"}}},"description_kind":"plain"}}},"data_source_schemas":{"anxcloud_core_locations":{"version":0,"block":{"attributes":{"id":{"type":"string","description_kind":"plain","optional":true,"computed":true},"limit":{"type":"number","description":"The records limit of the list.","description_kind":"plain","optional":true},"locations":{"type":["list",["object",{"city_code":"string","code":"string","country":"string","identifier":"string","lat":"string","lon":"string","name":"string"}]],"description":"Anexia Cloud Locations.","description_kind":"plain","computed":true},"page":{"type":"number","description":"The page of the list.","description_kind":"plain","optional":true},"search":{"type":"string","description":"An optional string allowing to search trough entities.","description_kind":"plain","optional":true}},"description_kind":"plain"}},"anxcloud_cpu_performance_types":{"version":0,"block":{"attributes":{"id":{"type":"string","description_kind":"plain","optional":true,"computed":true},"types":{"type":["list",["object",{"id":"string","limit":"number","prioritization":"string","unit":"string"}]],"description":"List of CPU performance types.","description_kind":"plain","computed":true}},"description_kind":"plain"}},"anxcloud_disk_types":{"version":0,"block":{"attributes":{"id":{"type":"string","description_kind":"plain","optional":true,"computed":true},"location_id":{"type":"string","description":"Location identifier.","description_kind":"plain","required":true},"types":{"type":["list",["object",{"bandwidth":"number","id":"string","iops":"number","latency":"number","storage_type":"string"}]],"description":"List of available disk types.","description_kind":"plain","computed":true}},"description_kind":"plain"}},"anxcloud_ip_addresses":{"version":0,"block":{"attributes":{"addresses":{"type":["list",["object",{"address":"string","description_customer":"string","identifier":"string","role":"string"}]],"description":"List of available addresses.","description_kind":"plain","computed":true},"id":{"type":"string","description_kind":"plain","optional":true,"computed":true},"limit":{"type":"number","description":"The records limit of the list.","description_kind":"plain","optional":true},"page":{"type":"number","description":"The page of the list.","description_kind":"plain","optional":true},"search":{"type":"string","description":"An optional string allowing to search trough entities.","description_kind":"plain","optional":true}},"description_kind":"plain"}},"anxcloud_nic_types":{"version":0,"block":{"attributes":{"id":{"type":"string","description_kind":"plain","optional":true,"computed":true},"nic_types":{"type":["list","string"],"description":"List of available nic types.","description_kind":"plain","computed":true}},"description_kind":"plain"}},"anxcloud_tags":{"version":0,"block":{"attributes":{"id":{"type":"string","description_kind":"plain","optional":true,"computed":true},"limit":{"type":"number","description":"Number of tags per page","description_kind":"plain","optional":true},"order":{"type":"string","description":"The order of the tags","description_kind":"plain","optional":true},"organization_identifier":{"type":"string","description":"The id of the organization","description_kind":"plain","optional":true},"page":{"type":"number","description":"Number of page","description_kind":"plain","optional":true},"query":{"type":"string","description":"Search term","description_kind":"plain","optional":true},"service_identifier":{"type":"string","description":"The id of the service","description_kind":"plain","optional":true},"sort_ascending":{"type":"bool","description":"Ascending or descending","description_kind":"plain","optional":true},"tags":{"type":["list",["object",{"identifier":"string","name":"string"}]],"description":"List of tags.","description_kind":"plain","computed":true}},"description_kind":"plain"}},"anxcloud_template":{"version":0,"block":{"attributes":{"id":{"type":"string","description_kind":"plain","optional":true,"computed":true},"location_id":{"type":"string","description":"Location identifier.","description_kind":"plain","required":true},"template_type":{"type":"string","description":"Template type. Defaults to 'templates'.","description_kind":"plain","optional":true},"templates":{"type":["list",["object",{"bit":"string","build":"string","id":"string","name":"string","params":["list",["object",{"boot_delay_seconds":["list",["object",{"default_value":"number","label":"string","max_value":"number","min_value":"number","required":"bool"}]],"cpus":["list",["object",{"default_value":"number","label":"string","max_value":"number","min_value":"number","required":"bool"}]],"disk_gb":["list",["object",{"default_value":"number","label":"string","max_value":"number","min_value":"number","required":"bool"}]],"disk_type":["list",["object",{"default_value":"string","label":"string","required":"bool"}]],"dns0":["list",["object",{"default_value":"string","label":"string","required":"bool"}]],"dns1":["list",["object",{"default_value":"string","label":"string","required":"bool"}]],"dns2":["list",["object",{"default_value":"string","label":"string","required":"bool"}]],"dns3":["list",["object",{"default_value":"string","label":"string","required":"bool"}]],"enter_bios_setup":["list",["object",{"default_value":"bool","label":"string","required":"bool"}]],"hostname":["list",["object",{"default_value":"string","label":"string","required":"bool"}]],"ips":["list",["object",{"default_value":"string","label":"string","required":"bool"}]],"memory_mb":["list",["object",{"default_value":"number","label":"string","max_value":"number","min_value":"number","required":"bool"}]],"nics":["list",["object",{"data":["list",["object",{"default":"bool","id":"number","name":"string"}]],"default_value":"number","label":"string","required":"bool"}]],"password":["list",["object",{"default_value":"string","label":"string","required":"bool"}]],"user":["list",["object",{"default_value":"string","label":"string","required":"bool"}]],"vlan":["list",["object",{"default_value":"string","label":"string","required":"bool"}]]}]]}]],"description":"Available list of templates.","description_kind":"plain","computed":true}},"description_kind":"plain"}},"anxcloud_vlans":{"version":0,"block":{"attributes":{"id":{"type":"string","description_kind":"plain","optional":true,"computed":true},"limit":{"type":"number","description":"The records limit of the list.","description_kind":"plain","optional":true},"page":{"type":"number","description":"The page of the list.","description_kind":"plain","optional":true},"search":{"type":"string","description":"An optional string allowing to search trough entities.","description_kind":"plain","optional":true},"vlans":{"type":["list",["object",{"description_customer":"string","identifier":"string","name":"string"}]],"description":"List of available VLANs.","description_kind":"plain","computed":true}},"description_kind":"plain"}},"anxcloud_vsphere_locations":{"version":0,"block":{"attributes":{"id":{"type":"string","description_kind":"plain","optional":true,"computed":true},"limit":{"type":"number","description":"Amount of records per page","description_kind":"plain","optional":true},"location_code":{"type":"string","description":"Filters locations by country code","description_kind":"plain","optional":true},"locations":{"type":["list",["object",{"code":"string","country":"string","country_name":"string","identifier":"string","lat":"string","lon":"string","name":"string"}]],"description":"Anexia Cloud Locations.","description_kind":"plain","computed":true},"organization":{"type":"string","description":"Customer identifier","description_kind":"plain","optional":true},"page":{"type":"number","description":"Results page","description_kind":"plain","optional":true}},"description_kind":"plain"}}}}}}
