{"format_version":"0.2","provider_schemas":{"registry.terraform.io/aquasecurity/aquasec":{"provider":{"version":0,"block":{"attributes":{"aqua_url":{"type":"string","description_kind":"plain","optional":true},"ca_certificate_path":{"type":"string","description":"This is the file path for server CA certificates if they are not available on the host OS.","description_kind":"plain","optional":true},"config_path":{"type":"string","description":"This is the file path for Aqua provider configuration. The default configuration path is ~/.aqua/tf.config","description_kind":"plain","optional":true},"password":{"type":"string","description_kind":"plain","optional":true,"sensitive":true},"username":{"type":"string","description_kind":"plain","optional":true,"sensitive":true},"verify_tls":{"type":"bool","description":"If true, server tls certificates will be verified by the client before making a connection. Defaults to true.","description_kind":"plain","optional":true}},"description_kind":"plain"}},"resource_schemas":{"aquasec_container_runtime_policy":{"version":0,"block":{"attributes":{"allowed_executables":{"type":["list","string"],"description":"List of executables that are allowed for the user.","description_kind":"plain","optional":true},"application_scopes":{"type":["list","string"],"description":"Indicates the application scope of the service.","description_kind":"plain","optional":true,"computed":true},"audit_all_network_activity":{"type":"bool","description":"If true, all network activity will be audited.","description_kind":"plain","optional":true},"audit_all_processes_activity":{"type":"bool","description":"If true, all process activity will be audited.","description_kind":"plain","optional":true},"audit_full_command_arguments":{"type":"bool","description":"If true, full command arguments will be audited.","description_kind":"plain","optional":true},"author":{"type":"string","description":"Username of the account that created the service.","description_kind":"plain","computed":true},"block_access_host_network":{"type":"bool","description":"If true, prevent containers from running with access to host network.","description_kind":"plain","optional":true},"block_adding_capabilities":{"type":"bool","description":"If true, prevent containers from running with adding capabilities with `--cap-add` privilege.","description_kind":"plain","optional":true},"block_container_exec":{"type":"bool","description":"If true, exec into a container is prevented.","description_kind":"plain","optional":true},"block_low_port_binding":{"type":"bool","description":"If true, prevent containers from running with the capability to bind in port lower than 1024.","description_kind":"plain","optional":true},"block_non_compliant_images":{"type":"bool","description":"If true, running non-compliant image in the container is prevented.","description_kind":"plain","optional":true},"block_non_compliant_workloads":{"type":"bool","description":"If true, running containers in non-compliant pods is prevented.","description_kind":"plain","optional":true},"block_privileged_containers":{"type":"bool","description":"If true, prevent containers from running with privileged container capability.","description_kind":"plain","optional":true},"block_root_user":{"type":"bool","description":"If true, prevent containers from running with root user.","description_kind":"plain","optional":true},"block_unregistered_images":{"type":"bool","description":"If true, running images in the container that are not registered in Aqua is prevented.","description_kind":"plain","optional":true},"block_use_ipc_namespace":{"type":"bool","description":"If true, prevent containers from running with the privilege to use the IPC namespace.","description_kind":"plain","optional":true},"block_use_pid_namespace":{"type":"bool","description":"If true, prevent containers from running with the privilege to use the PID namespace.","description_kind":"plain","optional":true},"block_use_user_namespace":{"type":"bool","description":"If true, prevent containers from running with the privilege to use the user namespace.","description_kind":"plain","optional":true},"block_use_uts_namespace":{"type":"bool","description":"If true, prevent containers from running with the privilege to use the UTS namespace.","description_kind":"plain","optional":true},"blocked_capabilities":{"type":["list","string"],"description":"If true, prevents containers from using specific Unix capabilities.","description_kind":"plain","optional":true},"blocked_executables":{"type":["list","string"],"description":"List of executables that are prevented from running in containers.","description_kind":"plain","optional":true},"blocked_files":{"type":["list","string"],"description":"List of files that are prevented from being read, modified and executed in the containers.","description_kind":"plain","optional":true},"blocked_inbound_ports":{"type":["list","string"],"description":"List of blocked inbound ports.","description_kind":"plain","optional":true},"blocked_outbound_ports":{"type":["list","string"],"description":"List of blocked outbound ports.","description_kind":"plain","optional":true},"blocked_packages":{"type":["list","string"],"description":"Prevent containers from reading, writing, or executing all files in the list of packages.","description_kind":"plain","optional":true},"blocked_volumes":{"type":["list","string"],"description":"List of volumes that are prevented from being mounted in the containers.","description_kind":"plain","optional":true},"description":{"type":"string","description":"The description of the container runtime policy","description_kind":"plain","optional":true},"enable_drift_prevention":{"type":"bool","description":"If true, executables that are not in the original image is prevented from running.","description_kind":"plain","optional":true},"enable_fork_guard":{"type":"bool","description":"If true, fork bombs are prevented in the containers.","description_kind":"plain","optional":true},"enable_ip_reputation_security":{"type":"bool","description":"If true, detect and prevent communication from containers to IP addresses known to have a bad reputation.","description_kind":"plain","optional":true},"enable_port_scan_detection":{"type":"bool","description":"If true, detects port scanning behavior in the container.","description_kind":"plain","optional":true},"enabled":{"type":"bool","description":"Indicates if the runtime policy is enabled or not.","description_kind":"plain","optional":true},"enforce":{"type":"bool","description":"Indicates that policy should effect container execution (not just for audit).","description_kind":"plain","optional":true},"enforce_after_days":{"type":"number","description":"Indicates the number of days after which the runtime policy will be changed to enforce mode.","description_kind":"plain","optional":true},"exceptional_readonly_files_and_directories":{"type":["list","string"],"description":"List of files and directories to be excluded from the read-only list.","description_kind":"plain","optional":true},"fork_guard_process_limit":{"type":"number","description":"Process limit for the fork guard.","description_kind":"plain","optional":true},"id":{"type":"string","description_kind":"plain","optional":true,"computed":true},"limit_new_privileges":{"type":"bool","description":"If true, prevents the container from obtaining new privileges at runtime. (only enabled in enforce mode)","description_kind":"plain","optional":true},"name":{"type":"string","description":"Name of the container runtime policy","description_kind":"plain","required":true},"readonly_files_and_directories":{"type":["list","string"],"description":"List of files and directories to be restricted as read-only","description_kind":"plain","optional":true},"scope_expression":{"type":"string","description":"Logical expression of how to compute the dependency of the scope variables.","description_kind":"plain","optional":true,"computed":true}},"block_types":{"scope_variables":{"nesting_mode":"list","block":{"attributes":{"attribute":{"type":"string","description":"Class of supported scope.","description_kind":"plain","required":true},"value":{"type":"string","description":"Value assigned to the attribute.","description_kind":"plain","required":true}},"description":"List of scope attributes.","description_kind":"plain"}}},"description_kind":"plain"}},"aquasec_enforcer_groups":{"version":0,"block":{"attributes":{"admission_control":{"type":"bool","description_kind":"plain","optional":true},"allow_kube_enforcer_audit":{"type":"bool","description_kind":"plain","optional":true},"audit_all":{"type":"bool","description_kind":"plain","optional":true},"audit_failed_login":{"type":"bool","description_kind":"plain","optional":true},"audit_success_login":{"type":"bool","description_kind":"plain","optional":true},"auto_discover_configure_registries":{"type":"bool","description_kind":"plain","optional":true},"auto_discovery_enabled":{"type":"bool","description_kind":"plain","optional":true},"auto_scan_discovered_images_running_containers":{"type":"bool","description_kind":"plain","optional":true},"block_admission_control":{"type":"bool","description_kind":"plain","optional":true},"command":{"type":["set",["object",{"default":"string","kubernetes":"string","swarm":"string","windows":"string"}]],"description_kind":"plain","computed":true},"container_activity_protection":{"type":"bool","description_kind":"plain","computed":true},"description":{"type":"string","description_kind":"plain","optional":true},"enforce":{"type":"bool","description_kind":"plain","optional":true},"gateway_address":{"type":"string","description_kind":"plain","computed":true},"gateway_name":{"type":"string","description_kind":"plain","computed":true},"gateways":{"type":["list","string"],"description_kind":"plain","required":true},"group_id":{"type":"string","description_kind":"plain","required":true},"host_network_protection":{"type":"bool","description_kind":"plain","optional":true},"host_os":{"type":"string","description_kind":"plain","computed":true},"host_protection":{"type":"bool","description_kind":"plain","optional":true},"id":{"type":"string","description_kind":"plain","optional":true,"computed":true},"image_assurance":{"type":"bool","description_kind":"plain","optional":true},"install_command":{"type":"string","description_kind":"plain","computed":true},"last_update":{"type":"number","description_kind":"plain","computed":true},"last_updated":{"type":"string","description_kind":"plain","optional":true},"logical_name":{"type":"string","description_kind":"plain","required":true},"micro_enforce_injection":{"type":"bool","description_kind":"plain","optional":true},"network_protection":{"type":"bool","description_kind":"plain","computed":true},"token":{"type":"string","description_kind":"plain","computed":true},"type":{"type":"string","description_kind":"plain","required":true},"user_access_control":{"type":"bool","description_kind":"plain","optional":true}},"block_types":{"orchestrator":{"nesting_mode":"set","block":{"attributes":{"master":{"type":"bool","description_kind":"plain","optional":true},"namespace":{"type":"string","description_kind":"plain","optional":true},"service_account":{"type":"string","description_kind":"plain","optional":true},"type":{"type":"string","description_kind":"plain","optional":true}},"description_kind":"plain"},"min_items":1}},"description_kind":"plain"}},"aquasec_firewall_policy":{"version":0,"block":{"attributes":{"author":{"type":"string","description":"Username of the account that created the policy.","description_kind":"plain","computed":true},"block_icmp_ping":{"type":"bool","description":"Indicates whether policy includes blocking incoming 'ping' requests.","description_kind":"plain","optional":true},"block_metadata_service":{"type":"bool","description":"Indicates whether policy includes blocking metadata services of the cloud.","description_kind":"plain","optional":true},"description":{"type":"string","description":"Description of the Firewall Policy.","description_kind":"plain","optional":true},"id":{"type":"string","description_kind":"plain","optional":true,"computed":true},"lastupdate":{"type":"number","description":"Timestamp of the last update in Unix time format.","description_kind":"plain","computed":true},"name":{"type":"string","description":"Name of the policy, no longer than 128 characters and no slash characters.","description_kind":"plain","required":true},"type":{"type":"string","description":"Indicates the class of protection defined by the firewall.","description_kind":"plain","optional":true,"computed":true},"version":{"type":"string","description":"Aqua version functionality supported","description_kind":"plain","optional":true,"computed":true}},"block_types":{"inbound_networks":{"nesting_mode":"list","block":{"attributes":{"allow":{"type":"bool","description":"Indicates whether the specified resources are allowed to pass in data or requests.","description_kind":"plain","required":true},"port_range":{"type":"string","description":"Range of ports affected by firewall.","description_kind":"plain","required":true},"resource":{"type":"string","description":"Information of the resource.","description_kind":"plain","optional":true,"computed":true},"resource_type":{"type":"string","description":"Type of the resource","description_kind":"plain","required":true}},"description":"Information on network addresses that are allowed to pass in data or requests.","description_kind":"plain"}},"outbound_networks":{"nesting_mode":"list","block":{"attributes":{"allow":{"type":"bool","description":"Indicates whether the specified resources are allowed to receive data or requests.","description_kind":"plain","required":true},"port_range":{"type":"string","description":"Range of ports affected by firewall.","description_kind":"plain","required":true},"resource":{"type":"string","description":"Information of the resource.","description_kind":"plain","optional":true,"computed":true},"resource_type":{"type":"string","description":"Type of the resource.","description_kind":"plain","required":true}},"description":"Information on network addresses that are allowed to receive data or requests.","description_kind":"plain"}}},"description_kind":"plain"}},"aquasec_function_runtime_policy":{"version":0,"block":{"attributes":{"application_scopes":{"type":["list","string"],"description":"Indicates the application scope of the service.","description_kind":"plain","optional":true,"computed":true},"author":{"type":"string","description":"Username of the account that created the service.","description_kind":"plain","computed":true},"block_malicious_executables":{"type":"bool","description":"If true, prevent creation of malicious executables in functions during their runtime post invocation.","description_kind":"plain","optional":true},"blocked_executables":{"type":["list","string"],"description":"List of executables that are prevented from running in containers.","description_kind":"plain","optional":true},"description":{"type":"string","description":"The description of the function runtime policy","description_kind":"plain","optional":true},"enabled":{"type":"bool","description":"Indicates if the runtime policy is enabled or not.","description_kind":"plain","optional":true},"enforce":{"type":"bool","description":"Indicates that policy should effect container execution (not just for audit).","description_kind":"plain","optional":true},"honeypot_access_key":{"type":"string","description":"Honeypot User ID (Access Key)","description_kind":"plain","optional":true},"honeypot_apply_on":{"type":["list","string"],"description":"List of options to apply the honeypot on (Environment Vairable, Layer, File)","description_kind":"plain","optional":true},"honeypot_secret_key":{"type":"string","description":"Honeypot User Password (Secret Key)","description_kind":"plain","optional":true,"sensitive":true},"honeypot_serverless_app_name":{"type":"string","description":"Serverless application name","description_kind":"plain","optional":true},"id":{"type":"string","description_kind":"plain","optional":true,"computed":true},"name":{"type":"string","description":"Name of the function runtime policy","description_kind":"plain","required":true},"scope_expression":{"type":"string","description":"Logical expression of how to compute the dependency of the scope variables.","description_kind":"plain","optional":true,"computed":true}},"block_types":{"scope_variables":{"nesting_mode":"list","block":{"attributes":{"attribute":{"type":"string","description":"Class of supported scope.","description_kind":"plain","required":true},"value":{"type":"string","description":"Value assigned to the attribute.","description_kind":"plain","required":true}},"description":"List of scope attributes.","description_kind":"plain"}}},"description_kind":"plain"}},"aquasec_host_runtime_policy":{"version":0,"block":{"attributes":{"application_scopes":{"type":["list","string"],"description":"Indicates the application scope of the service.","description_kind":"plain","optional":true,"computed":true},"audit_all_os_user_activity":{"type":"bool","description":"If true, all process activity will be audited.","description_kind":"plain","optional":true},"audit_full_command_arguments":{"type":"bool","description":"If true, full command arguments will be audited.","description_kind":"plain","optional":true},"author":{"type":"string","description":"Username of the account that created the service.","description_kind":"plain","computed":true},"blocked_files":{"type":["list","string"],"description":"List of files that are prevented from being read, modified and executed in the containers.","description_kind":"plain","optional":true},"description":{"type":"string","description":"The description of the host runtime policy","description_kind":"plain","optional":true},"enable_ip_reputation_security":{"type":"bool","description":"If true, detect and prevent communication from containers to IP addresses known to have a bad reputation.","description_kind":"plain","optional":true},"enabled":{"type":"bool","description":"Indicates if the runtime policy is enabled or not.","description_kind":"plain","optional":true},"enforce":{"type":"bool","description":"Indicates that policy should effect container execution (not just for audit).","description_kind":"plain","optional":true},"enforce_after_days":{"type":"number","description":"Indicates the number of days after which the runtime policy will be changed to enforce mode.","description_kind":"plain","optional":true},"id":{"type":"string","description_kind":"plain","optional":true,"computed":true},"monitor_system_time_changes":{"type":"bool","description":"If true, system time changes will be monitored.","description_kind":"plain","optional":true},"monitor_windows_services":{"type":"bool","description":"If true, windows service operations will be monitored.","description_kind":"plain","optional":true},"name":{"type":"string","description":"Name of the host runtime policy","description_kind":"plain","required":true},"os_groups_allowed":{"type":["list","string"],"description":"List of OS (Linux or Windows) groups that are allowed to authenticate to the host, and block authentication requests from all others. Groups can be either Linux groups or Windows AD groups.","description_kind":"plain","optional":true},"os_groups_blocked":{"type":["list","string"],"description":"List of OS (Linux or Windows) groups that are not allowed to authenticate to the host, and block authentication requests from all others. Groups can be either Linux groups or Windows AD groups.","description_kind":"plain","optional":true},"os_users_allowed":{"type":["list","string"],"description":"List of OS (Linux or Windows) users that are allowed to authenticate to the host, and block authentication requests from all others.","description_kind":"plain","optional":true},"os_users_blocked":{"type":["list","string"],"description":"List of OS (Linux or Windows) users that are not allowed to authenticate to the host, and block authentication requests from all others.","description_kind":"plain","optional":true},"scope_expression":{"type":"string","description":"Logical expression of how to compute the dependency of the scope variables.","description_kind":"plain","optional":true,"computed":true}},"block_types":{"file_integrity_monitoring":{"nesting_mode":"list","block":{"attributes":{"excluded_paths":{"type":["list","string"],"description":"List of paths to be excluded from being monitored.","description_kind":"plain","optional":true},"excluded_processes":{"type":["list","string"],"description":"List of processes to be excluded from being monitored.","description_kind":"plain","optional":true},"excluded_users":{"type":["list","string"],"description":"List of users to be excluded from being monitored.","description_kind":"plain","optional":true},"monitor_attributes":{"type":"bool","description":"If true, add attributes operations will be monitored.","description_kind":"plain","optional":true},"monitor_create":{"type":"bool","description":"If true, create operations will be monitored.","description_kind":"plain","optional":true},"monitor_delete":{"type":"bool","description":"If true, deletion operations will be monitored.","description_kind":"plain","optional":true},"monitor_modify":{"type":"bool","description":"If true, modification operations will be monitored.","description_kind":"plain","optional":true},"monitor_read":{"type":"bool","description":"If true, read operations will be monitored.","description_kind":"plain","optional":true},"monitored_paths":{"type":["list","string"],"description":"List of paths to be monitored.","description_kind":"plain","optional":true},"monitored_processes":{"type":["list","string"],"description":"List of processes to be monitored.","description_kind":"plain","optional":true},"monitored_users":{"type":["list","string"],"description":"List of users to be monitored.","description_kind":"plain","optional":true}},"description":"Configuration for file integrity monitoring.","description_kind":"plain"},"max_items":1},"scope_variables":{"nesting_mode":"list","block":{"attributes":{"attribute":{"type":"string","description":"Class of supported scope.","description_kind":"plain","required":true},"value":{"type":"string","description":"Value assigned to the attribute.","description_kind":"plain","required":true}},"description":"List of scope attributes.","description_kind":"plain"}},"windows_registry_monitoring":{"nesting_mode":"list","block":{"attributes":{"excluded_paths":{"type":["list","string"],"description":"List of paths to be excluded from being monitored.","description_kind":"plain","optional":true},"excluded_processes":{"type":["list","string"],"description":"List of registry processes to be excluded from being monitored.","description_kind":"plain","optional":true},"excluded_users":{"type":["list","string"],"description":"List of registry users to be excluded from being monitored.","description_kind":"plain","optional":true},"monitor_attributes":{"type":"bool","description":"If true, add attributes operations will be monitored.","description_kind":"plain","optional":true},"monitor_create":{"type":"bool","description":"If true, create operations will be monitored.","description_kind":"plain","optional":true},"monitor_delete":{"type":"bool","description":"If true, deletion operations will be monitored.","description_kind":"plain","optional":true},"monitor_modify":{"type":"bool","description":"If true, modification operations will be monitored.","description_kind":"plain","optional":true},"monitor_read":{"type":"bool","description":"If true, read operations will be monitored.","description_kind":"plain","optional":true},"monitored_paths":{"type":["list","string"],"description":"List of paths to be monitored.","description_kind":"plain","optional":true},"monitored_processes":{"type":["list","string"],"description":"List of registry processes to be monitored.","description_kind":"plain","optional":true},"monitored_users":{"type":["list","string"],"description":"List of registry users to be monitored.","description_kind":"plain","optional":true}},"description":"Configuration for windows registry monitoring.","description_kind":"plain"},"max_items":1},"windows_registry_protection":{"nesting_mode":"list","block":{"attributes":{"excluded_paths":{"type":["list","string"],"description":"List of registry paths to be excluded from being protected.","description_kind":"plain","optional":true},"excluded_processes":{"type":["list","string"],"description":"List of registry processes to be excluded from being protected.","description_kind":"plain","optional":true},"excluded_users":{"type":["list","string"],"description":"List of registry paths to be users from being protected.","description_kind":"plain","optional":true},"protected_paths":{"type":["list","string"],"description":"List of registry paths to be protected.","description_kind":"plain","optional":true},"protected_processes":{"type":["list","string"],"description":"List of registry processes to be protected.","description_kind":"plain","optional":true},"protected_users":{"type":["list","string"],"description":"List of registry users to be protected.","description_kind":"plain","optional":true}},"description":"Configuration for windows registry protection.","description_kind":"plain"},"max_items":1}},"description_kind":"plain"}},"aquasec_image":{"version":0,"block":{"attributes":{"allow_image":{"type":"bool","description":"If this field is set to true, the image will be whitelisted.","description_kind":"plain","optional":true},"architecture":{"type":"string","description":"The image architecture.","description_kind":"plain","computed":true},"assurance_checks_performed":{"type":["list",["object",{"assurance_type":"string","blocking":"bool","control":"string","dta_skipped":"bool","dta_skipped_reason":"string","failed":"bool","policy_name":"string"}]],"description":"The list of image assurance checks performed on the image.","description_kind":"plain","computed":true},"author":{"type":"string","description":"The name of the user who registered the image.","description_kind":"plain","computed":true},"blacklisted":{"type":"bool","description":"Whether the image is blacklisted.","description_kind":"plain","computed":true},"block_image":{"type":"bool","description":"If this field is set to true, the image will be blacklisted.","description_kind":"plain","optional":true},"comment":{"type":"string","description":"The image creation comment.","description_kind":"plain","computed":true},"created":{"type":"string","description":"The date and time when the image was registered.","description_kind":"plain","computed":true},"critical_vulnerabilities":{"type":"number","description":"Number of critical severity vulnerabilities detected in the image.","description_kind":"plain","computed":true},"default_user":{"type":"string","description":"The default user of the image.","description_kind":"plain","computed":true},"digest":{"type":"string","description":"The content digest of the image.","description_kind":"plain","computed":true},"disallowed":{"type":"bool","description":"Whether the image is disallowed (non-compliant).","description_kind":"plain","computed":true},"disallowed_by_assurance_checks":{"type":"bool","description":"Whether the image was disallowed because of Image Assurance Policies.","description_kind":"plain","computed":true},"docker_id":{"type":"string","description":"The Docker image ID.","description_kind":"plain","computed":true},"docker_labels":{"type":["list","string"],"description":"Docker labels of the image.","description_kind":"plain","computed":true},"docker_version":{"type":"string","description":"The Docker version used when building the image.","description_kind":"plain","computed":true},"dta_severity_score":{"type":"string","description":"DTA severity score.","description_kind":"plain","computed":true},"dta_skipped":{"type":"bool","description":"If DTA was skipped.","description_kind":"plain","computed":true},"dta_skipped_reason":{"type":"string","description":"The reason why DTA was skipped.","description_kind":"plain","computed":true},"environment_variables":{"type":["list","string"],"description":"Environment variables in the image.","description_kind":"plain","computed":true},"high_vulnerabilities":{"type":"number","description":"Number of high severity vulnerabilities detected in the image.","description_kind":"plain","computed":true},"history":{"type":["list",["object",{"comment":"string","created":"string","created_by":"string","id":"string","size":"number"}]],"description":"The Docker history of the image.","description_kind":"plain","computed":true},"id":{"type":"string","description_kind":"plain","optional":true,"computed":true},"image_size":{"type":"number","description":"The size of the image in bytes.","description_kind":"plain","computed":true},"image_type":{"type":"string","description":"The type of the image.","description_kind":"plain","computed":true},"labels":{"type":["list","string"],"description":"Aqua labels of the image.","description_kind":"plain","computed":true},"low_vulnerabilities":{"type":"number","description":"Number of low severity vulnerabilities detected in the image.","description_kind":"plain","computed":true},"malware":{"type":"number","description":"Number of malware found on the image.","description_kind":"plain","computed":true},"medium_vulnerabilities":{"type":"number","description":"Number of medium severity vulnerabilities detected in the image.","description_kind":"plain","computed":true},"name":{"type":"string","description":"The name of the image.","description_kind":"plain","computed":true},"negligible_vulnerabilities":{"type":"number","description":"Number of negligible severity vulnerabilities detected in the image.","description_kind":"plain","computed":true},"newer_image_exists":{"type":"bool","description":"Whether a new version of the image is available in the registry but is not scanned and registered yet.","description_kind":"plain","computed":true},"os":{"type":"string","description":"The operating system detected in the image","description_kind":"plain","computed":true},"os_version":{"type":"string","description":"The version of the OS detected in the image.","description_kind":"plain","computed":true},"parent":{"type":"string","description":"The ID of the parent image.","description_kind":"plain","computed":true},"partial_results":{"type":"bool","description":"Whether the image could only be partially scanned.","description_kind":"plain","computed":true},"pending_disallowed":{"type":"bool","description":"Whether the image is non-compliant, but is pending this status due to running containers.","description_kind":"plain","computed":true},"permission":{"type":"string","description":"Permission of the image.","description_kind":"plain","computed":true},"permission_author":{"type":"string","description":"The name of the user who last modified the image permissions.","description_kind":"plain","computed":true},"permission_comment":{"type":"string","description":"The comment provided when the image permissions were last modified","description_kind":"plain","computed":true},"permission_modification_comment":{"type":"string","description":"A comment on why the image was whitelisted or blacklisted","description_kind":"plain","optional":true},"registry":{"type":"string","description":"The name of the registry where the image is stored.","description_kind":"plain","required":true},"registry_type":{"type":"string","description":"Type of the registry.","description_kind":"plain","computed":true},"repo_digests":{"type":["list","string"],"description":"The repository digests.","description_kind":"plain","computed":true},"repository":{"type":"string","description":"The name of the image's repository.","description_kind":"plain","required":true},"scan_date":{"type":"string","description":"The date and time when the image was last scanned.","description_kind":"plain","computed":true},"scan_error":{"type":"string","description":"If the image scan failed, the failure message.","description_kind":"plain","computed":true},"scan_status":{"type":"string","description":"The scan status of the image (either 'pending', 'in_progress', 'finished', 'failed' or 'not_started').","description_kind":"plain","computed":true},"sensitive_data":{"type":"number","description":"Number of sensitive data detected in the image.","description_kind":"plain","computed":true},"tag":{"type":"string","description":"The tag of the image.","description_kind":"plain","required":true},"total_vulnerabilities":{"type":"number","description":"The total number of vulnerabilities detected in the image.","description_kind":"plain","computed":true},"virtual_size":{"type":"number","description":"The virtual size of the image.","description_kind":"plain","computed":true},"vulnerabilities":{"type":["list",["object",{"ack_author":"string","ack_comment":"string","ack_expiration_configured_at":"string","ack_expiration_configured_by":"string","ack_expiration_days":"number","ack_scope":"string","acknowledge_date":"string","ancestor_pkg":"string","aqua_score":"number","aqua_score_classification":"string","aqua_scoring_system":"string","aqua_severity":"string","aqua_severity_classification":"string","aqua_vectors":"string","audit_events_count":"number","block_events_count":"number","classification":"string","description":"string","digest":"string","exploit_reference":"string","exploit_type":"string","first_found_date":"string","fix_version":"string","image_name":"string","last_found_date":"string","modification_date":"string","name":"string","nvd_cvss2_score":"number","nvd_cvss2_vectors":"string","nvd_cvss3_score":"number","nvd_cvss3_severity":"string","nvd_cvss3_vectors":"string","nvd_severity":"string","nvd_url":"string","os":"string","os_version":"string","permission":"string","publish_date":"string","registry":"string","repository":"string","resource_architecture":"string","resource_cpe":"string","resource_format":"string","resource_hash":"string","resource_licenses":["list","string"],"resource_name":"string","resource_path":"string","resource_type":"string","resource_version":"string","severity_classification":"string","solution":"string","temporal_vector":"string","v_patch_applied_by":"string","v_patch_applied_on":"string","v_patch_enforced_by":"string","v_patch_enforced_on":"string","v_patch_policy_enforce":"bool","v_patch_policy_name":"string","v_patch_reverted_by":"string","v_patch_reverted_on":"string","v_patch_status":"string","vendor_cvss2_score":"number","vendor_cvss2_vectors":"string","vendor_severity":"string","vendor_statement":"string","vendor_url":"string"}]],"description":"A list of all the vulnerabilities found in the image","description_kind":"plain","computed":true},"whitelisted":{"type":"bool","description":"Whether the image is whitelisted.","description_kind":"plain","computed":true}},"description_kind":"plain"}},"aquasec_integration_registry":{"version":0,"block":{"attributes":{"author":{"type":"string","description_kind":"plain","optional":true,"computed":true},"auto_pull":{"type":"bool","description_kind":"plain","optional":true},"auto_pull_max":{"type":"number","description_kind":"plain","optional":true},"auto_pull_time":{"type":"string","description_kind":"plain","optional":true},"id":{"type":"string","description_kind":"plain","optional":true,"computed":true},"last_updated":{"type":"string","description_kind":"plain","optional":true,"computed":true},"name":{"type":"string","description_kind":"plain","required":true},"password":{"type":"string","description_kind":"plain","optional":true},"prefixes":{"type":["list","string"],"description_kind":"plain","required":true},"type":{"type":"string","description_kind":"plain","required":true},"url":{"type":"string","description_kind":"plain","optional":true},"username":{"type":"string","description_kind":"plain","optional":true}},"description_kind":"plain"}},"aquasec_notification_slack":{"version":0,"block":{"attributes":{"channel":{"type":"string","description_kind":"plain","required":true},"enabled":{"type":"bool","description_kind":"plain","required":true},"icon":{"type":"string","description_kind":"plain","optional":true},"id":{"type":"string","description_kind":"plain","optional":true,"computed":true},"main_text":{"type":"string","description_kind":"plain","optional":true},"name":{"type":"string","description_kind":"plain","optional":true},"service_key":{"type":"string","description_kind":"plain","optional":true},"type":{"type":"string","description_kind":"plain","required":true},"user_name":{"type":"string","description_kind":"plain","required":true},"webhook_url":{"type":"string","description_kind":"plain","required":true}},"description_kind":"plain"}},"aquasec_service":{"version":0,"block":{"attributes":{"application_scopes":{"type":["list","string"],"description":"Indicates the application scope of the service.","description_kind":"plain","required":true},"author":{"type":"string","description":"Username of the account that created the service.","description_kind":"plain","computed":true},"containers_count":{"type":"number","description":"The number of containers associated with the service.","description_kind":"plain","computed":true},"description":{"type":"string","description":"A textual description of the service record; maximum 500 characters.","description_kind":"plain","optional":true},"enforce":{"type":"bool","description":"Enforcement status of the service.","description_kind":"plain","optional":true},"evaluated":{"type":"bool","description":"Whether the service has been evaluated for security vulnerabilities.","description_kind":"plain","computed":true},"id":{"type":"string","description_kind":"plain","optional":true,"computed":true},"is_registered":{"type":"bool","description":"Indicates if registered or not.","description_kind":"plain","computed":true},"lastupdate":{"type":"number","description":"Timestamp of the last update in Unix time format.","description_kind":"plain","computed":true},"monitoring":{"type":"bool","description":"Indicates if monitoring is enabled or not","description_kind":"plain","optional":true},"name":{"type":"string","description":"The name of the service. It is recommended not to use whitespace characters in the name.","description_kind":"plain","required":true},"not_evaluated_count":{"type":"number","description":"The number of container that are not evaluated.","description_kind":"plain","computed":true},"policies":{"type":["list","string"],"description":"The service's policies; an array of container firewall policy names.","description_kind":"plain","required":true},"priority":{"type":"number","description":"Rules priority, must be between 1-100.","description_kind":"plain","optional":true},"scope_expression":{"type":"string","description":"Logical expression of how to compute the dependency of the scope variables.","description_kind":"plain","required":true},"target":{"type":"string","description":"Type of the workload. container or host.","description_kind":"plain","required":true},"unregistered_count":{"type":"number","description":"The number of containers allocated to the service that are not registered.","description_kind":"plain","computed":true},"vulnerabilities_high":{"type":"number","description":"Number of high severity vulnerabilities.","description_kind":"plain","computed":true},"vulnerabilities_low":{"type":"number","description":"Number of low severity vulnerabilities.","description_kind":"plain","computed":true},"vulnerabilities_malware":{"type":"number","description":"Number of malware.","description_kind":"plain","computed":true},"vulnerabilities_medium":{"type":"number","description":"Number of medium severity vulnerabilities.","description_kind":"plain","computed":true},"vulnerabilities_negligible":{"type":"number","description":"Number of negligible vulnerabilities.","description_kind":"plain","computed":true},"vulnerabilities_score_average":{"type":"number","description":"The CVSS average vulnerabilities score.","description_kind":"plain","computed":true},"vulnerabilities_sensitive":{"type":"number","description":"Number of sensitive vulnerabilities.","description_kind":"plain","computed":true},"vulnerabilities_total":{"type":"number","description":"Total number of vulnerabilities.","description_kind":"plain","computed":true}},"block_types":{"scope_variables":{"nesting_mode":"list","block":{"attributes":{"attribute":{"type":"string","description":"Class of supported scope.","description_kind":"plain","required":true},"value":{"type":"string","description":"Value assigned to the attribute.","description_kind":"plain","required":true}},"description":"List of scope attributes.","description_kind":"plain"},"min_items":1}},"description_kind":"plain"}},"aquasec_user":{"version":0,"block":{"attributes":{"email":{"type":"string","description_kind":"plain","optional":true},"first_time":{"type":"bool","description_kind":"plain","optional":true},"id":{"type":"string","description_kind":"plain","optional":true,"computed":true},"last_updated":{"type":"string","description_kind":"plain","optional":true,"computed":true},"name":{"type":"string","description_kind":"plain","optional":true},"password":{"type":"string","description_kind":"plain","required":true},"password_confirm":{"type":"string","description_kind":"plain","optional":true},"roles":{"type":["list","string"],"description_kind":"plain","required":true},"user_id":{"type":"string","description_kind":"plain","required":true}},"description_kind":"plain"}}},"data_source_schemas":{"aquasec_container_runtime_policy":{"version":0,"block":{"attributes":{"allowed_executables":{"type":["list","string"],"description":"List of executables that are allowed for the user.","description_kind":"plain","computed":true},"application_scopes":{"type":["list","string"],"description":"Indicates the application scope of the service.","description_kind":"plain","computed":true},"audit_all_network_activity":{"type":"bool","description":"If true, all network activity will be audited.","description_kind":"plain","computed":true},"audit_all_processes_activity":{"type":"bool","description":"If true, all process activity will be audited.","description_kind":"plain","computed":true},"audit_full_command_arguments":{"type":"bool","description":"If true, full command arguments will be audited.","description_kind":"plain","computed":true},"author":{"type":"string","description":"Username of the account that created the service.","description_kind":"plain","computed":true},"block_access_host_network":{"type":"bool","description":"If true, prevent containers from running with access to host network.","description_kind":"plain","computed":true},"block_adding_capabilities":{"type":"bool","description":"If true, prevent containers from running with adding capabilities with `--cap-add` privilege.","description_kind":"plain","computed":true},"block_container_exec":{"type":"bool","description":"If true, exec into a container is prevented.","description_kind":"plain","computed":true},"block_low_port_binding":{"type":"bool","description":"If true, prevent containers from running with the capability to bind in port lower than 1024.","description_kind":"plain","computed":true},"block_non_compliant_images":{"type":"bool","description":"If true, running non-compliant image in the container is prevented.","description_kind":"plain","computed":true},"block_non_compliant_workloads":{"type":"bool","description":"If true, running containers in non-compliant pods is prevented.","description_kind":"plain","computed":true},"block_privileged_containers":{"type":"bool","description":"If true, prevent containers from running with privileged container capability.","description_kind":"plain","computed":true},"block_root_user":{"type":"bool","description":"If true, prevent containers from running with root user.","description_kind":"plain","computed":true},"block_unregistered_images":{"type":"bool","description":"If true, running images in the container that are not registered in Aqua is prevented.","description_kind":"plain","computed":true},"block_use_ipc_namespace":{"type":"bool","description":"If true, prevent containers from running with the privilege to use the IPC namespace.","description_kind":"plain","computed":true},"block_use_pid_namespace":{"type":"bool","description":"If true, prevent containers from running with the privilege to use the PID namespace.","description_kind":"plain","computed":true},"block_use_user_namespace":{"type":"bool","description":"If true, prevent containers from running with the privilege to use the user namespace.","description_kind":"plain","computed":true},"block_use_uts_namespace":{"type":"bool","description":"If true, prevent containers from running with the privilege to use the UTS namespace.","description_kind":"plain","computed":true},"blocked_capabilities":{"type":["list","string"],"description":"If true, prevents containers from using specific Unix capabilities.","description_kind":"plain","computed":true},"blocked_executables":{"type":["list","string"],"description":"List of executables that are prevented from running in containers.","description_kind":"plain","computed":true},"blocked_files":{"type":["list","string"],"description":"List of files that are prevented from being read, modified and executed in the containers.","description_kind":"plain","computed":true},"blocked_inbound_ports":{"type":["list","string"],"description":"List of blocked inbound ports.","description_kind":"plain","computed":true},"blocked_outbound_ports":{"type":["list","string"],"description":"List of blocked outbound ports.","description_kind":"plain","computed":true},"blocked_packages":{"type":["list","string"],"description":"Prevent containers from reading, writing, or executing all files in the list of packages.","description_kind":"plain","computed":true},"blocked_volumes":{"type":["list","string"],"description":"List of volumes that are prevented from being mounted in the containers.","description_kind":"plain","computed":true},"description":{"type":"string","description":"The description of the container runtime policy","description_kind":"plain","computed":true},"enable_drift_prevention":{"type":"bool","description":"If true, executables that are not in the original image is prevented from running.","description_kind":"plain","computed":true},"enable_fork_guard":{"type":"bool","description":"If true, fork bombs are prevented in the containers.","description_kind":"plain","computed":true},"enable_ip_reputation_security":{"type":"bool","description":"If true, detect and prevent communication from containers to IP addresses known to have a bad reputation.","description_kind":"plain","computed":true},"enable_port_scan_detection":{"type":"bool","description":"If true, detects port scanning behavior in the container.","description_kind":"plain","computed":true},"enabled":{"type":"bool","description":"Indicates if the runtime policy is enabled or not.","description_kind":"plain","computed":true},"enforce":{"type":"bool","description":"Indicates that policy should effect container execution (not just for audit).","description_kind":"plain","computed":true},"enforce_after_days":{"type":"number","description":"Indicates the number of days after which the runtime policy will be changed to enforce mode.","description_kind":"plain","computed":true},"exceptional_readonly_files_and_directories":{"type":["list","string"],"description":"List of files and directories to be excluded from the read-only list.","description_kind":"plain","computed":true},"fork_guard_process_limit":{"type":"number","description":"Process limit for the fork guard.","description_kind":"plain","computed":true},"id":{"type":"string","description_kind":"plain","optional":true,"computed":true},"limit_new_privileges":{"type":"bool","description":"If true, prevents the container from obtaining new privileges at runtime. (only enabled in enforce mode)","description_kind":"plain","computed":true},"name":{"type":"string","description":"Name of the container runtime policy","description_kind":"plain","required":true},"readonly_files_and_directories":{"type":["list","string"],"description":"List of files and directories to be restricted as read-only","description_kind":"plain","computed":true},"scope_expression":{"type":"string","description":"Logical expression of how to compute the dependency of the scope variables.","description_kind":"plain","computed":true},"scope_variables":{"type":["list",["object",{"attribute":"string","value":"string"}]],"description":"List of scope attributes.","description_kind":"plain","computed":true}},"description_kind":"plain"}},"aquasec_enforcer_groups":{"version":0,"block":{"attributes":{"allowed_applications":{"type":["set","string"],"description_kind":"plain","computed":true},"allowed_labels":{"type":["set","string"],"description_kind":"plain","computed":true},"allowed_registries":{"type":["set","string"],"description_kind":"plain","computed":true},"command":{"type":["list",["object",{"default":"string","kubernetes":"string","swarm":"string","windows":"string"}]],"description_kind":"plain","computed":true},"description":{"type":"string","description_kind":"plain","computed":true},"enforce":{"type":"bool","description_kind":"plain","computed":true},"gateway_address":{"type":"string","description_kind":"plain","computed":true},"gateway_name":{"type":"string","description_kind":"plain","computed":true},"gateways":{"type":["list","string"],"description_kind":"plain","computed":true},"group_id":{"type":"string","description_kind":"plain","required":true},"id":{"type":"string","description_kind":"plain","optional":true,"computed":true},"logical_name":{"type":"string","description_kind":"plain","computed":true},"orchestrator":{"type":["list",["object",{"master":"bool","namespace":"string","service_account":"string","type":"string"}]],"description_kind":"plain","computed":true},"token":{"type":"string","description_kind":"plain","computed":true},"type":{"type":"string","description_kind":"plain","computed":true}},"description_kind":"plain"}},"aquasec_firewall_policy":{"version":0,"block":{"attributes":{"author":{"type":"string","description":"Username of the account that created the policy.","description_kind":"plain","computed":true},"block_icmp_ping":{"type":"bool","description":"Indicates whether policy includes blocking incoming 'ping' requests.","description_kind":"plain","computed":true},"block_metadata_service":{"type":"bool","description":"Indicates whether policy includes blocking metadata services of the cloud.","description_kind":"plain","computed":true},"description":{"type":"string","description":"Description of the Firewall Policy.","description_kind":"plain","computed":true},"id":{"type":"string","description_kind":"plain","optional":true,"computed":true},"inbound_networks":{"type":["list",["object",{"allow":"bool","port_range":"string","resource":"string","resource_type":"string"}]],"description":"Information on network addresses that are allowed to pass in data or requests.","description_kind":"plain","computed":true},"lastupdate":{"type":"number","description":"Timestamp of the last update in Unix time format.","description_kind":"plain","computed":true},"name":{"type":"string","description":"Name of the policy, no longer than 128 characters and no slash characters.","description_kind":"plain","required":true},"type":{"type":"string","description":"Indicates the class of protection defined by the firewall.","description_kind":"plain","computed":true},"version":{"type":"string","description":"Aqua version functionality supported","description_kind":"plain","computed":true}},"block_types":{"outbound_networks":{"nesting_mode":"list","block":{"attributes":{"allow":{"type":"bool","description":"Indicates whether the specified resources are allowed to receive data or requests.","description_kind":"plain","computed":true},"port_range":{"type":"string","description":"Range of ports affected by firewall.","description_kind":"plain","computed":true},"resource":{"type":"string","description":"Information of the resource.","description_kind":"plain","computed":true},"resource_type":{"type":"string","description":"Type of the resource.","description_kind":"plain","computed":true}},"description":"Information on network addresses that are allowed to receive data or requests.","description_kind":"plain"}}},"description_kind":"plain"}},"aquasec_function_runtime_policy":{"version":0,"block":{"attributes":{"application_scopes":{"type":["list","string"],"description":"Indicates the application scope of the service.","description_kind":"plain","computed":true},"author":{"type":"string","description":"Username of the account that created the service.","description_kind":"plain","computed":true},"block_malicious_executables":{"type":"bool","description":"If true, prevent creation of malicious executables in functions during their runtime post invocation.","description_kind":"plain","computed":true},"blocked_executables":{"type":["list","string"],"description":"List of executables that are prevented from running in containers.","description_kind":"plain","computed":true},"description":{"type":"string","description":"The description of the container runtime policy","description_kind":"plain","computed":true},"enabled":{"type":"bool","description":"Indicates if the runtime policy is enabled or not.","description_kind":"plain","computed":true},"enforce":{"type":"bool","description":"Indicates that policy should effect container execution (not just for audit).","description_kind":"plain","computed":true},"honeypot_access_key":{"type":"string","description":"Honeypot User ID (Access Key)","description_kind":"plain","computed":true},"honeypot_apply_on":{"type":["list","string"],"description":"List of options to apply the honeypot on (Environment Vairable, Layer, File)","description_kind":"plain","computed":true},"honeypot_secret_key":{"type":"string","description":"Honeypot User Password (Secret Key)","description_kind":"plain","computed":true,"sensitive":true},"honeypot_serverless_app_name":{"type":"string","description":"Serverless application name","description_kind":"plain","computed":true},"id":{"type":"string","description_kind":"plain","optional":true,"computed":true},"name":{"type":"string","description":"Name of the container runtime policy","description_kind":"plain","required":true},"scope_expression":{"type":"string","description":"Logical expression of how to compute the dependency of the scope variables.","description_kind":"plain","computed":true},"scope_variables":{"type":["list",["object",{"attribute":"string","value":"string"}]],"description":"List of scope attributes.","description_kind":"plain","computed":true}},"description_kind":"plain"}},"aquasec_host_runtime_policy":{"version":0,"block":{"attributes":{"application_scopes":{"type":["list","string"],"description":"Indicates the application scope of the service.","description_kind":"plain","computed":true},"audit_all_os_user_activity":{"type":"bool","description":"If true, all process activity will be audited.","description_kind":"plain","computed":true},"audit_full_command_arguments":{"type":"bool","description":"If true, full command arguments will be audited.","description_kind":"plain","computed":true},"author":{"type":"string","description":"Username of the account that created the service.","description_kind":"plain","computed":true},"blocked_files":{"type":["list","string"],"description":"List of files that are prevented from being read, modified and executed in the containers.","description_kind":"plain","computed":true},"description":{"type":"string","description":"The description of the host runtime policy","description_kind":"plain","computed":true},"enable_ip_reputation_security":{"type":"bool","description":"If true, detect and prevent communication from containers to IP addresses known to have a bad reputation.","description_kind":"plain","computed":true},"enabled":{"type":"bool","description":"Indicates if the runtime policy is enabled or not.","description_kind":"plain","computed":true},"enforce":{"type":"bool","description":"Indicates that policy should effect container execution (not just for audit).","description_kind":"plain","computed":true},"enforce_after_days":{"type":"number","description":"Indicates the number of days after which the runtime policy will be changed to enforce mode.","description_kind":"plain","computed":true},"file_integrity_monitoring":{"type":["list",["object",{"excluded_paths":["list","string"],"excluded_processes":["list","string"],"excluded_users":["list","string"],"monitor_attributes":"bool","monitor_create":"bool","monitor_delete":"bool","monitor_modify":"bool","monitor_read":"bool","monitored_paths":["list","string"],"monitored_processes":["list","string"],"monitored_users":["list","string"]}]],"description":"Configuration for file integrity monitoring.","description_kind":"plain","computed":true},"id":{"type":"string","description_kind":"plain","optional":true,"computed":true},"monitor_system_time_changes":{"type":"bool","description":"If true, system time changes will be monitored.","description_kind":"plain","computed":true},"monitor_windows_services":{"type":"bool","description":"If true, windows service operations will be monitored.","description_kind":"plain","computed":true},"name":{"type":"string","description":"Name of the host runtime policy","description_kind":"plain","required":true},"os_groups_allowed":{"type":["list","string"],"description":"List of OS (Linux or Windows) groups that are allowed to authenticate to the host, and block authentication requests from all others. Groups can be either Linux groups or Windows AD groups.","description_kind":"plain","computed":true},"os_groups_blocked":{"type":["list","string"],"description":"List of OS (Linux or Windows) groups that are not allowed to authenticate to the host, and block authentication requests from all others. Groups can be either Linux groups or Windows AD groups.","description_kind":"plain","computed":true},"os_users_allowed":{"type":["list","string"],"description":"List of OS (Linux or Windows) users that are allowed to authenticate to the host, and block authentication requests from all others.","description_kind":"plain","computed":true},"os_users_blocked":{"type":["list","string"],"description":"List of OS (Linux or Windows) users that are not allowed to authenticate to the host, and block authentication requests from all others.","description_kind":"plain","computed":true},"scope_expression":{"type":"string","description":"Logical expression of how to compute the dependency of the scope variables.","description_kind":"plain","computed":true},"scope_variables":{"type":["list",["object",{"attribute":"string","value":"string"}]],"description":"List of scope attributes.","description_kind":"plain","computed":true},"windows_registry_monitoring":{"type":["list",["object",{"excluded_paths":["list","string"],"excluded_processes":["list","string"],"excluded_users":["list","string"],"monitor_attributes":"bool","monitor_create":"bool","monitor_delete":"bool","monitor_modify":"bool","monitor_read":"bool","monitored_paths":["list","string"],"monitored_processes":["list","string"],"monitored_users":["list","string"]}]],"description":"Configuration for windows registry monitoring.","description_kind":"plain","computed":true},"windows_registry_protection":{"type":["list",["object",{"excluded_paths":["list","string"],"excluded_processes":["list","string"],"excluded_users":["list","string"],"protected_paths":["list","string"],"protected_processes":["list","string"],"protected_users":["list","string"]}]],"description":"Configuration for windows registry protection.","description_kind":"plain","computed":true}},"description_kind":"plain"}},"aquasec_image":{"version":0,"block":{"attributes":{"architecture":{"type":"string","description":"The image architecture.","description_kind":"plain","computed":true},"assurance_checks_performed":{"type":["list",["object",{"assurance_type":"string","blocking":"bool","control":"string","dta_skipped":"bool","dta_skipped_reason":"string","failed":"bool","policy_name":"string"}]],"description":"The list of image assurance checks performed on the image.","description_kind":"plain","computed":true},"author":{"type":"string","description":"The name of the user who registered the image.","description_kind":"plain","computed":true},"blacklisted":{"type":"bool","description":"Whether the image is blacklisted.","description_kind":"plain","computed":true},"comment":{"type":"string","description":"The image creation comment.","description_kind":"plain","computed":true},"created":{"type":"string","description":"The date and time when the image was registered.","description_kind":"plain","computed":true},"critical_vulnerabilities":{"type":"number","description":"Number of critical severity vulnerabilities detected in the image.","description_kind":"plain","computed":true},"default_user":{"type":"string","description":"The default user of the image.","description_kind":"plain","computed":true},"digest":{"type":"string","description":"The content digest of the image.","description_kind":"plain","computed":true},"disallowed":{"type":"bool","description":"Whether the image is disallowed (non-compliant).","description_kind":"plain","computed":true},"disallowed_by_assurance_checks":{"type":"bool","description":"Whether the image was disallowed because of Image Assurance Policies.","description_kind":"plain","computed":true},"docker_id":{"type":"string","description":"The Docker image ID.","description_kind":"plain","computed":true},"docker_labels":{"type":["list","string"],"description":"Docker labels of the image.","description_kind":"plain","computed":true},"docker_version":{"type":"string","description":"The Docker version used when building the image.","description_kind":"plain","computed":true},"dta_severity_score":{"type":"string","description":"DTA severity score.","description_kind":"plain","computed":true},"dta_skipped":{"type":"bool","description":"If DTA was skipped.","description_kind":"plain","computed":true},"dta_skipped_reason":{"type":"string","description":"The reason why DTA was skipped.","description_kind":"plain","computed":true},"environment_variables":{"type":["list","string"],"description":"Environment variables in the image.","description_kind":"plain","computed":true},"high_vulnerabilities":{"type":"number","description":"Number of high severity vulnerabilities detected in the image.","description_kind":"plain","computed":true},"history":{"type":["list",["object",{"comment":"string","created":"string","created_by":"string","id":"string","size":"number"}]],"description":"The Docker history of the image.","description_kind":"plain","computed":true},"id":{"type":"string","description_kind":"plain","optional":true,"computed":true},"image_size":{"type":"number","description":"The size of the image in bytes.","description_kind":"plain","computed":true},"image_type":{"type":"string","description":"The type of the image.","description_kind":"plain","computed":true},"labels":{"type":["list","string"],"description":"Aqua labels of the image.","description_kind":"plain","computed":true},"low_vulnerabilities":{"type":"number","description":"Number of low severity vulnerabilities detected in the image.","description_kind":"plain","computed":true},"malware":{"type":"number","description":"Number of malware found on the image.","description_kind":"plain","computed":true},"medium_vulnerabilities":{"type":"number","description":"Number of medium severity vulnerabilities detected in the image.","description_kind":"plain","computed":true},"name":{"type":"string","description":"The name of the image.","description_kind":"plain","computed":true},"negligible_vulnerabilities":{"type":"number","description":"Number of negligible severity vulnerabilities detected in the image.","description_kind":"plain","computed":true},"newer_image_exists":{"type":"bool","description":"Whether a new version of the image is available in the registry but is not scanned and registered yet.","description_kind":"plain","computed":true},"os":{"type":"string","description":"The operating system detected in the image","description_kind":"plain","computed":true},"os_version":{"type":"string","description":"The version of the OS detected in the image.","description_kind":"plain","computed":true},"parent":{"type":"string","description":"The ID of the parent image.","description_kind":"plain","computed":true},"partial_results":{"type":"bool","description":"Whether the image could only be partially scanned.","description_kind":"plain","computed":true},"pending_disallowed":{"type":"bool","description":"Whether the image is non-compliant, but is pending this status due to running containers.","description_kind":"plain","computed":true},"permission":{"type":"string","description":"Permission of the image.","description_kind":"plain","computed":true},"permission_author":{"type":"string","description":"The name of the user who last modified the image permissions.","description_kind":"plain","computed":true},"permission_comment":{"type":"string","description":"The comment provided when the image permissions were last modified","description_kind":"plain","computed":true},"registry":{"type":"string","description":"The name of the registry where the image is stored.","description_kind":"plain","required":true},"registry_type":{"type":"string","description":"Type of the registry.","description_kind":"plain","computed":true},"repo_digests":{"type":["list","string"],"description":"The repository digests.","description_kind":"plain","computed":true},"repository":{"type":"string","description":"The name of the image's repository.","description_kind":"plain","required":true},"scan_date":{"type":"string","description":"The date and time when the image was last scanned.","description_kind":"plain","computed":true},"scan_error":{"type":"string","description":"If the image scan failed, the failure message.","description_kind":"plain","computed":true},"scan_status":{"type":"string","description":"The scan status of the image (either 'pending', 'in_progress', 'finished', 'failed' or 'not_started').","description_kind":"plain","computed":true},"sensitive_data":{"type":"number","description":"Number of sensitive data detected in the image.","description_kind":"plain","computed":true},"tag":{"type":"string","description":"The tag of the image.","description_kind":"plain","required":true},"total_vulnerabilities":{"type":"number","description":"The total number of vulnerabilities detected in the image.","description_kind":"plain","computed":true},"virtual_size":{"type":"number","description":"The virtual size of the image.","description_kind":"plain","computed":true},"vulnerabilities":{"type":["list",["object",{"ack_author":"string","ack_comment":"string","ack_expiration_configured_at":"string","ack_expiration_configured_by":"string","ack_expiration_days":"number","ack_scope":"string","acknowledge_date":"string","ancestor_pkg":"string","aqua_score":"number","aqua_score_classification":"string","aqua_scoring_system":"string","aqua_severity":"string","aqua_severity_classification":"string","aqua_vectors":"string","audit_events_count":"number","block_events_count":"number","classification":"string","description":"string","digest":"string","exploit_reference":"string","exploit_type":"string","first_found_date":"string","fix_version":"string","image_name":"string","last_found_date":"string","modification_date":"string","name":"string","nvd_cvss2_score":"number","nvd_cvss2_vectors":"string","nvd_cvss3_score":"number","nvd_cvss3_severity":"string","nvd_cvss3_vectors":"string","nvd_severity":"string","nvd_url":"string","os":"string","os_version":"string","permission":"string","publish_date":"string","registry":"string","repository":"string","resource_architecture":"string","resource_cpe":"string","resource_format":"string","resource_hash":"string","resource_licenses":["list","string"],"resource_name":"string","resource_path":"string","resource_type":"string","resource_version":"string","severity_classification":"string","solution":"string","temporal_vector":"string","v_patch_applied_by":"string","v_patch_applied_on":"string","v_patch_enforced_by":"string","v_patch_enforced_on":"string","v_patch_policy_enforce":"bool","v_patch_policy_name":"string","v_patch_reverted_by":"string","v_patch_reverted_on":"string","v_patch_status":"string","vendor_cvss2_score":"number","vendor_cvss2_vectors":"string","vendor_severity":"string","vendor_statement":"string","vendor_url":"string"}]],"description":"A list of all the vulnerabilities found in the image","description_kind":"plain","computed":true},"whitelisted":{"type":"bool","description":"Whether the image is whitelisted.","description_kind":"plain","computed":true}},"description_kind":"plain"}},"aquasec_integration_registries":{"version":0,"block":{"attributes":{"auto_pull":{"type":"bool","description_kind":"plain","computed":true},"auto_pull_max":{"type":"number","description_kind":"plain","computed":true},"auto_pull_time":{"type":"string","description_kind":"plain","computed":true},"id":{"type":"string","description_kind":"plain","optional":true,"computed":true},"name":{"type":"string","description_kind":"plain","required":true},"password":{"type":"string","description_kind":"plain","computed":true},"prefixes":{"type":["list","string"],"description_kind":"plain","computed":true},"type":{"type":"string","description_kind":"plain","computed":true},"url":{"type":"string","description_kind":"plain","computed":true},"username":{"type":"string","description_kind":"plain","computed":true}},"description_kind":"plain"}},"aquasec_service":{"version":0,"block":{"attributes":{"application_scopes":{"type":["list","string"],"description":"Indicates the application scope of the service.","description_kind":"plain","computed":true},"author":{"type":"string","description":"Username of the account that created the service.","description_kind":"plain","computed":true},"containers_count":{"type":"number","description":"The number of containers associated with the service.","description_kind":"plain","computed":true},"description":{"type":"string","description":"A textual description of the service record; maximum 500 characters.","description_kind":"plain","computed":true},"enforce":{"type":"bool","description":"Enforcement status of the service.","description_kind":"plain","computed":true},"evaluated":{"type":"bool","description":"Whether the service has been evaluated for security vulnerabilities.","description_kind":"plain","computed":true},"id":{"type":"string","description_kind":"plain","optional":true,"computed":true},"is_registered":{"type":"bool","description":"Indicates if registered or not.","description_kind":"plain","computed":true},"lastupdate":{"type":"number","description":"Timestamp of the last update in Unix time format.","description_kind":"plain","computed":true},"monitoring":{"type":"bool","description":"Indicates if monitoring is enabled or not","description_kind":"plain","computed":true},"name":{"type":"string","description":"The name of the service. It is recommended not to use whitespace characters in the name.","description_kind":"plain","required":true},"not_evaluated_count":{"type":"number","description":"The number of container that are not evaluated.","description_kind":"plain","computed":true},"policies":{"type":["list","string"],"description":"The service's policies; an array of container firewall policy names.","description_kind":"plain","computed":true},"priority":{"type":"number","description":"Rules priority, must be between 1-100.","description_kind":"plain","computed":true},"scope_expression":{"type":"string","description":"Logical expression of how to compute the dependency of the scope variables.","description_kind":"plain","computed":true},"scope_variables":{"type":["list",["object",{"attribute":"string","value":"string"}]],"description":"List of scope attributes.","description_kind":"plain","computed":true},"target":{"type":"string","description":"Type of the workload. container or host.","description_kind":"plain","computed":true},"unregistered_count":{"type":"number","description":"The number of containers allocated to the service that are not registered.","description_kind":"plain","computed":true},"vulnerabilities_high":{"type":"number","description":"Number of high severity vulnerabilities.","description_kind":"plain","computed":true},"vulnerabilities_low":{"type":"number","description":"Number of low severity vulnerabilities.","description_kind":"plain","computed":true},"vulnerabilities_malware":{"type":"number","description":"Number of malware.","description_kind":"plain","computed":true},"vulnerabilities_medium":{"type":"number","description":"Number of medium severity vulnerabilities.","description_kind":"plain","computed":true},"vulnerabilities_negligible":{"type":"number","description":"Number of negligible vulnerabilities.","description_kind":"plain","computed":true},"vulnerabilities_score_average":{"type":"number","description":"The CVSS average vulnerabilities score.","description_kind":"plain","computed":true},"vulnerabilities_sensitive":{"type":"number","description":"Number of sensitive vulnerabilities.","description_kind":"plain","computed":true},"vulnerabilities_total":{"type":"number","description":"Total number of vulnerabilities.","description_kind":"plain","computed":true}},"description_kind":"plain"}},"aquasec_users":{"version":0,"block":{"attributes":{"id":{"type":"string","description_kind":"plain","optional":true,"computed":true},"users":{"type":["list",["object",{"email":"string","first_time":"bool","name":"string","roles":["set","string"],"user_id":"string"}]],"description_kind":"plain","computed":true}},"description_kind":"plain"}}}}}}
