{"format_version":"0.2","provider_schemas":{"registry.terraform.io/backblaze/b2":{"provider":{"version":0,"block":{"attributes":{"application_key":{"type":"string","description":"B2 Application Key (B2_APPLICATION_KEY env)","description_kind":"markdown","optional":true,"sensitive":true},"application_key_id":{"type":"string","description":"B2 Application Key ID (B2_APPLICATION_KEY_ID env)","description_kind":"markdown","optional":true,"sensitive":true},"endpoint":{"type":"string","description":"B2 endpoint - production or custom URL (B2_ENDPOINT env)","description_kind":"markdown","optional":true}},"description_kind":"plain"}},"resource_schemas":{"b2_application_key":{"version":0,"block":{"attributes":{"application_key":{"type":"string","description":"The key.","description_kind":"markdown","computed":true,"sensitive":true},"application_key_id":{"type":"string","description":"The ID of the newly created key.","description_kind":"markdown","computed":true},"bucket_id":{"type":"string","description":"When present, restricts access to one bucket.","description_kind":"markdown","optional":true},"capabilities":{"type":["set","string"],"description":"A set of strings, each one naming a capability the key has.","description_kind":"markdown","required":true},"id":{"type":"string","description_kind":"plain","optional":true,"computed":true},"key_name":{"type":"string","description":"The name of the key.","description_kind":"markdown","required":true},"name_prefix":{"type":"string","description":"When present, restricts access to files whose names start with the prefix.","description_kind":"markdown","optional":true},"options":{"type":["set","string"],"description":"List of application key options.","description_kind":"markdown","computed":true}},"description":"B2 application key resource.","description_kind":"markdown"}},"b2_bucket":{"version":0,"block":{"attributes":{"account_id":{"type":"string","description":"Account ID that the bucket belongs to.","description_kind":"markdown","computed":true},"bucket_id":{"type":"string","description":"The ID of the bucket.","description_kind":"markdown","computed":true},"bucket_info":{"type":["map","string"],"description":"User-defined information to be stored with the bucket.","description_kind":"markdown","optional":true},"bucket_name":{"type":"string","description":"The name of the bucket.","description_kind":"markdown","required":true},"bucket_type":{"type":"string","description":"The bucket type. Either 'allPublic', meaning that files in this bucket can be downloaded by anybody, or 'allPrivate'.","description_kind":"markdown","required":true},"id":{"type":"string","description_kind":"plain","optional":true,"computed":true},"options":{"type":["set","string"],"description":"List of bucket options.","description_kind":"markdown","computed":true},"revision":{"type":"number","description":"Bucket revision.","description_kind":"markdown","computed":true}},"block_types":{"cors_rules":{"nesting_mode":"list","block":{"attributes":{"allowed_headers":{"type":["list","string"],"description":"If present, this is a list of headers that are allowed in a pre-flight OPTIONS's request's Access-Control-Request-Headers header value.","description_kind":"markdown","optional":true},"allowed_operations":{"type":["list","string"],"description":"A list specifying which operations the rule allows.","description_kind":"markdown","required":true},"allowed_origins":{"type":["list","string"],"description":"A non-empty list specifying which origins the rule covers. ","description_kind":"markdown","required":true},"cors_rule_name":{"type":"string","description":"A name for humans to recognize the rule in a user interface.","description_kind":"markdown","required":true},"expose_headers":{"type":["list","string"],"description":"If present, this is a list of headers that may be exposed to an application inside the client.","description_kind":"markdown","optional":true},"max_age_seconds":{"type":"number","description":"This specifies the maximum number of seconds that a browser may cache the response to a preflight request.","description_kind":"markdown","required":true}},"description":"The initial list of CORS rules for this bucket.","description_kind":"markdown"}},"default_server_side_encryption":{"nesting_mode":"list","block":{"attributes":{"algorithm":{"type":"string","description":"Server-side encryption algorithm. AES256 is the only one supported.","description_kind":"markdown","optional":true},"mode":{"type":"string","description":"Server-side encryption mode.","description_kind":"markdown","optional":true}},"description":"The default server-side encryption settings for this bucket.","description_kind":"markdown"},"max_items":1},"file_lock_configuration":{"nesting_mode":"list","block":{"attributes":{"is_file_lock_enabled":{"type":"bool","description":"If present, the boolean value specifies whether bucket is File Lock-enabled. Defaults to `false`.","description_kind":"markdown","optional":true}},"block_types":{"default_retention":{"nesting_mode":"list","block":{"attributes":{"mode":{"type":"string","description":"Default retention mode (compliance|governance|none).","description_kind":"markdown","required":true}},"block_types":{"period":{"nesting_mode":"list","block":{"attributes":{"duration":{"type":"number","description":"Duration","description_kind":"markdown","required":true},"unit":{"type":"string","description":"Unit for duration (days|years)","description_kind":"markdown","required":true}},"description":"How long for to make files immutable","description_kind":"markdown"},"max_items":1}},"description":"Default retention settings for files uploaded to this bucket","description_kind":"markdown"},"max_items":1}},"description":"File lock enabled flag, and default retention settings.","description_kind":"markdown"}},"lifecycle_rules":{"nesting_mode":"list","block":{"attributes":{"days_from_hiding_to_deleting":{"type":"number","description":"It says how long to keep file versions that are not the current version.","description_kind":"markdown","optional":true},"days_from_uploading_to_hiding":{"type":"number","description":"It causes files to be hidden automatically after the given number of days.","description_kind":"markdown","optional":true},"file_name_prefix":{"type":"string","description":"It specifies which files in the bucket it applies to.","description_kind":"markdown","required":true}},"description":"The initial list of lifecycle rules for this bucket.","description_kind":"markdown"}}},"description":"B2 bucket resource.","description_kind":"markdown"}},"b2_bucket_file_version":{"version":0,"block":{"attributes":{"action":{"type":"string","description":"One of 'start', 'upload', 'hide', 'folder', or other values added in the future.","description_kind":"markdown","computed":true},"bucket_id":{"type":"string","description":"The ID of the bucket.","description_kind":"markdown","required":true},"content_md5":{"type":"string","description":"MD5 sum of the content.","description_kind":"markdown","computed":true},"content_sha1":{"type":"string","description":"SHA1 hash of the content.","description_kind":"markdown","computed":true},"content_type":{"type":"string","description":"Content type. If not set, it will be set based on the file extension.","description_kind":"markdown","optional":true},"file_id":{"type":"string","description":"The unique identifier for this version of this file.","description_kind":"markdown","computed":true},"file_info":{"type":["map","string"],"description":"The custom information that is uploaded with the file.","description_kind":"markdown","optional":true,"computed":true},"file_name":{"type":"string","description":"The name of the B2 file.","description_kind":"markdown","required":true},"id":{"type":"string","description_kind":"plain","optional":true,"computed":true},"size":{"type":"number","description":"The file size.","description_kind":"markdown","computed":true},"source":{"type":"string","description":"Path to the local file.","description_kind":"markdown","required":true},"upload_timestamp":{"type":"number","description":"This is a UTC time when this file was uploaded.","description_kind":"markdown","computed":true}},"block_types":{"server_side_encryption":{"nesting_mode":"list","block":{"attributes":{"algorithm":{"type":"string","description":"Server-side encryption algorithm. AES256 is the only one supported.","description_kind":"markdown","optional":true},"mode":{"type":"string","description":"Server-side encryption mode.","description_kind":"markdown","optional":true}},"block_types":{"key":{"nesting_mode":"list","block":{"attributes":{"key_id":{"type":"string","description":"Key identifier stored in file info metadata","description_kind":"markdown","optional":true},"secret_b64":{"type":"string","description":"Secret key value, in standard Base 64 encoding (RFC 4648)","description_kind":"markdown","optional":true,"sensitive":true}},"description":"Key used in SSE-C mode.","description_kind":"markdown"},"max_items":1}},"description":"Server-side encryption settings.","description_kind":"markdown"},"max_items":1}},"description":"B2 bucket file version resource.","description_kind":"markdown"}}},"data_source_schemas":{"b2_account_info":{"version":0,"block":{"attributes":{"account_auth_token":{"type":"string","description":"An authorization token to use with all calls, other than b2_authorize_account, that need an Authorization header. This authorization token is valid for at most 24 hours.","description_kind":"markdown","computed":true,"sensitive":true},"account_id":{"type":"string","description":"The identifier for the account.","description_kind":"markdown","computed":true},"allowed":{"type":["list",["object",{"bucket_id":"string","bucket_name":"string","capabilities":["set","string"],"name_prefix":"string"}]],"description":"An object containing the capabilities of this auth token, and any restrictions on using it.","description_kind":"markdown","computed":true},"api_url":{"type":"string","description":"The base URL to use for all API calls except for uploading and downloading files.","description_kind":"markdown","computed":true},"download_url":{"type":"string","description":"The base URL to use for downloading files.","description_kind":"markdown","computed":true},"id":{"type":"string","description_kind":"plain","optional":true,"computed":true},"s3_api_url":{"type":"string","description":"The base URL to use for S3-compatible API calls.","description_kind":"markdown","computed":true}},"description":"B2 account info data source.","description_kind":"markdown"}},"b2_application_key":{"version":0,"block":{"attributes":{"application_key_id":{"type":"string","description":"The ID of the key.","description_kind":"markdown","computed":true},"bucket_id":{"type":"string","description":"When present, restricts access to one bucket.","description_kind":"markdown","computed":true},"capabilities":{"type":["set","string"],"description":"A set of strings, each one naming a capability the key has.","description_kind":"markdown","computed":true},"id":{"type":"string","description_kind":"plain","optional":true,"computed":true},"key_name":{"type":"string","description":"The name assigned when the key was created.","description_kind":"markdown","required":true},"name_prefix":{"type":"string","description":"When present, restricts access to files whose names start with the prefix.","description_kind":"markdown","optional":true,"computed":true},"options":{"type":["set","string"],"description":"A list of application key options.","description_kind":"markdown","computed":true}},"description":"B2 application key data source.","description_kind":"markdown"}},"b2_bucket":{"version":0,"block":{"attributes":{"account_id":{"type":"string","description":"Account ID that the bucket belongs to.","description_kind":"markdown","computed":true},"bucket_id":{"type":"string","description":"The ID of the bucket.","description_kind":"markdown","computed":true},"bucket_info":{"type":["map","string"],"description":"User-defined information to be stored with the bucket.","description_kind":"markdown","computed":true},"bucket_name":{"type":"string","description":"The name of the bucket.","description_kind":"markdown","required":true},"bucket_type":{"type":"string","description":"The bucket type. Either 'allPublic', meaning that files in this bucket can be downloaded by anybody, or 'allPrivate'.","description_kind":"markdown","computed":true},"cors_rules":{"type":["list",["object",{"allowed_headers":["list","string"],"allowed_operations":["list","string"],"allowed_origins":["list","string"],"cors_rule_name":"string","expose_headers":["list","string"],"max_age_seconds":"number"}]],"description":"The initial list of CORS rules for this bucket.","description_kind":"markdown","computed":true},"default_server_side_encryption":{"type":["list",["object",{"algorithm":"string","mode":"string"}]],"description":"The default server-side encryption settings of this bucket.","description_kind":"markdown","computed":true},"file_lock_configuration":{"type":["list",["object",{"default_retention":["list",["object",{"mode":"string","period":["list",["object",{"duration":"number","unit":"string"}]]}]],"is_file_lock_enabled":"bool"}]],"description":"The default File Lock retention settings for this bucket.","description_kind":"markdown","computed":true},"id":{"type":"string","description_kind":"plain","optional":true,"computed":true},"lifecycle_rules":{"type":["list",["object",{"days_from_hiding_to_deleting":"number","days_from_uploading_to_hiding":"number","file_name_prefix":"string"}]],"description":"The initial list of lifecycle rules for this bucket.","description_kind":"markdown","computed":true},"options":{"type":["set","string"],"description":"List of bucket options.","description_kind":"markdown","computed":true},"revision":{"type":"number","description":"Bucket revision.","description_kind":"markdown","computed":true}},"description":"B2 bucket data source.","description_kind":"markdown"}},"b2_bucket_file":{"version":0,"block":{"attributes":{"bucket_id":{"type":"string","description":"The ID of the bucket.","description_kind":"markdown","required":true},"file_name":{"type":"string","description":"The file name.","description_kind":"markdown","required":true},"file_versions":{"type":["list",["object",{"action":"string","content_md5":"string","content_sha1":"string","content_type":"string","file_id":"string","file_info":["map","string"],"file_name":"string","server_side_encryption":["list",["object",{"algorithm":"string","mode":"string"}]],"size":"number","upload_timestamp":"number"}]],"description":"File versions.","description_kind":"markdown","computed":true},"id":{"type":"string","description_kind":"plain","optional":true,"computed":true},"show_versions":{"type":"bool","description":"Show all file versions.","description_kind":"markdown","optional":true}},"description":"B2 bucket file data source.","description_kind":"markdown"}},"b2_bucket_files":{"version":0,"block":{"attributes":{"bucket_id":{"type":"string","description":"The ID of the bucket.","description_kind":"markdown","required":true},"file_versions":{"type":["list",["object",{"action":"string","content_md5":"string","content_sha1":"string","content_type":"string","file_id":"string","file_info":["map","string"],"file_name":"string","server_side_encryption":["list",["object",{"algorithm":"string","mode":"string"}]],"size":"number","upload_timestamp":"number"}]],"description":"File versions in the folder.","description_kind":"markdown","computed":true},"folder_name":{"type":"string","description":"The folder name (B2 file name prefix).","description_kind":"markdown","optional":true},"id":{"type":"string","description_kind":"plain","optional":true,"computed":true},"recursive":{"type":"bool","description":"Recursive mode.","description_kind":"markdown","optional":true},"show_versions":{"type":"bool","description":"Show all file versions.","description_kind":"markdown","optional":true}},"description":"B2 bucket files data source.","description_kind":"markdown"}}}}}}
