{"format_version":"0.2","provider_schemas":{"registry.terraform.io/betterstackhq/logtail":{"provider":{"version":0,"block":{"attributes":{"api_token":{"type":"string","description":"Logtail API Token. The value can be omitted if `LOGTAIL_API_TOKEN` environment variable is set. See https://docs.logtail.com/api/getting-started#obtaining-an-api-token on how to obtain the API token for your team.","description_kind":"plain","required":true,"sensitive":true}},"description_kind":"plain"}},"resource_schemas":{"logtail_source":{"version":0,"block":{"attributes":{"id":{"type":"string","description":"The ID of this source.","description_kind":"plain","computed":true},"ingesting_paused":{"type":"bool","description":"This proparty allows you to temporarily pause data ingesting for this source (e.g., when you are reaching your plan's usage quota and you want to prioritize some sources over others).","description_kind":"plain","optional":true},"name":{"type":"string","description":"The name of this source.","description_kind":"plain","required":true},"platform":{"type":"string","description":"The platform of this source. This value can be set only when you're creating a new source. You can't update this value later. Valid values are:\n    `kubernetes`\n\t`docker`\n\t`ruby`\n\t`python`\n\t`javascript`\n\t`node`\n\t`logstash`\n\t`fluentbit`\n\t`fluentd`\n\t`rsyslog`\n\t`syslog-ng`\n\t`http`\n\t`vector`\n\t`heroku`\n\t`heroku_addon`\n\t`ubuntu`\n\t`apache2`\n\t`nginx`\n\t`postgresql`\n\t`mysql`\n\t`mongodb`\n\t`redis`\n\t`cloudflare_worker`\n\t`flights`\n\t`dokku`","description_kind":"plain","required":true},"table_name":{"type":"string","description":"The table name generated for this source.","description_kind":"plain","computed":true},"token":{"type":"string","description":"The token of this source. This token is used to identify and route the data you will send to Logtail.","description_kind":"plain","computed":true}},"description":"This resource allows you to create, modify, and delete Logtail Sources. For more information about the Sources API check https://docs.logtail.com/api/sources-api","description_kind":"plain"}}},"data_source_schemas":{"logtail_source":{"version":0,"block":{"attributes":{"id":{"type":"string","description":"The ID of this source.","description_kind":"plain","computed":true},"ingesting_paused":{"type":"bool","description":"This proparty allows you to temporarily pause data ingesting for this source (e.g., when you are reaching your plan's usage quota and you want to prioritize some sources over others).","description_kind":"plain","computed":true},"name":{"type":"string","description":"The name of this source.","description_kind":"plain","computed":true},"platform":{"type":"string","description":"The platform of this source. This value can be set only when you're creating a new source. You can't update this value later. Valid values are:\n    `kubernetes`\n\t`docker`\n\t`ruby`\n\t`python`\n\t`javascript`\n\t`node`\n\t`logstash`\n\t`fluentbit`\n\t`fluentd`\n\t`rsyslog`\n\t`syslog-ng`\n\t`http`\n\t`vector`\n\t`heroku`\n\t`heroku_addon`\n\t`ubuntu`\n\t`apache2`\n\t`nginx`\n\t`postgresql`\n\t`mysql`\n\t`mongodb`\n\t`redis`\n\t`cloudflare_worker`\n\t`flights`\n\t`dokku`","description_kind":"plain","computed":true},"table_name":{"type":"string","description":"The table name generated for this source.","description_kind":"plain","required":true},"token":{"type":"string","description":"The token of this source. This token is used to identify and route the data you will send to Logtail.","description_kind":"plain","computed":true}},"description":"This Data Source allows you to look up existing Logtail Sources using their table name. The table name is shown on the Source settings page on Logtail.com or you can list all your existing sources via the [Sources API](https://docs.logtail.com/api/sources-api#get-sources).","description_kind":"plain"}}}}}}
