{"format_version":"0.2","provider_schemas":{"registry.terraform.io/betterstackhq/better-uptime":{"provider":{"version":0,"block":{"attributes":{"api_token":{"type":"string","description":"Better Uptime API Token. The value can be omitted if `BETTERUPTIME_API_TOKEN` environment variable is set. See https://docs.betteruptime.com/api/getting-started#obtaining-an-api-token on how to obtain the API token for your team.","description_kind":"plain","required":true,"sensitive":true}},"description_kind":"plain"}},"resource_schemas":{"betteruptime_heartbeat":{"version":0,"block":{"attributes":{"call":{"type":"bool","description":"Should we call the on-call person?","description_kind":"plain","optional":true},"email":{"type":"bool","description":"Should we send an email to the on-call person?","description_kind":"plain","optional":true},"grace":{"type":"number","description":"Heartbeats can fluctuate; specify this value to control what is still acceptable. Minimum value: 0 seconds. We recommend setting this to approx. 20% of period","description_kind":"plain","required":true},"heartbeat_group_id":{"type":"number","description":"Set this attribute if you want to add this heartbeat to a heartbeat group..","description_kind":"plain","optional":true},"id":{"type":"string","description":"The ID of this Monitor.","description_kind":"plain","computed":true},"name":{"type":"string","description":"A name of the service for this heartbeat.","description_kind":"plain","required":true},"paused":{"type":"bool","description":"Set to true to pause monitoring — we won't notify you about downtime. Set to false to resume monitoring.","description_kind":"plain","optional":true},"period":{"type":"number","description":"How often should we expect this heartbeat? In seconds. Minimum value: 30 seconds","description_kind":"plain","required":true},"push":{"type":"bool","description":"Should we send a push notification to the on-call person?","description_kind":"plain","optional":true},"sms":{"type":"bool","description":"Should we send an SMS to the on-call person?","description_kind":"plain","optional":true},"sort_index":{"type":"number","description":"An index controlling the position of a heartbeat in the heartbeat group.","description_kind":"plain","optional":true},"team_wait":{"type":"number","description":"How long to wait before escalating the incident alert to the team. Leave blank to disable escalating to the entire team.","description_kind":"plain","optional":true}},"description":"https://docs.betteruptime.com/api/heartbeats-api","description_kind":"plain"}},"betteruptime_heartbeat_group":{"version":0,"block":{"attributes":{"id":{"type":"string","description":"The ID of this Monitor.","description_kind":"plain","computed":true},"name":{"type":"string","description":"A name of the group that you can see in the dashboard.","description_kind":"plain","optional":true},"paused":{"type":"bool","description":"Set to true to pause monitoring for any existing heartbeats in the group - we won't notify you about downtime. Set to false to resume monitoring for any existing heartbeats in the group.","description_kind":"plain","optional":true},"sort_index":{"type":"number","description":"Set sort_index to specify how to sort your heartbeat groups.","description_kind":"plain","optional":true}},"description":"https://docs.betteruptime.com/api/heartbeat-groups-api","description_kind":"plain"}},"betteruptime_monitor":{"version":0,"block":{"attributes":{"auth_password":{"type":"string","description":"Basic HTTP authentication password to include with the request.","description_kind":"plain","optional":true,"sensitive":true},"auth_username":{"type":"string","description":"Basic HTTP authentication username to include with the request.","description_kind":"plain","optional":true,"sensitive":true},"call":{"type":"bool","description":"Should we call the on-call person?","description_kind":"plain","optional":true},"check_frequency":{"type":"number","description":"How often should we check your website? In seconds.","description_kind":"plain","optional":true},"confirmation_period":{"type":"number","description":"How long should we wait after observing a failure before we start a new incident?","description_kind":"plain","optional":true},"email":{"type":"bool","description":"Should we send an email to the on-call person?","description_kind":"plain","optional":true},"expected_status_codes":{"type":["list","number"],"description":"Required if monitor_type is set to expected_status_code. We will create a new incident if the status code returned from the server is not in the list of expected status codes.","description_kind":"plain","optional":true},"http_method":{"type":"string","description":"HTTP Method used to make a request. Valid options: GET, HEAD, POST, PUT, PATCH","description_kind":"plain","optional":true},"id":{"type":"string","description":"The ID of this Monitor.","description_kind":"plain","computed":true},"maintenance_from":{"type":"string","description":"Start of the maintenance window each day. We won't check your website during this window. In UTC timezone. Example: \"01:00:00\"","description_kind":"plain","optional":true},"maintenance_to":{"type":"string","description":"End of the maintenance window each day. In UTC timezone. Example: \"03:00:00\"","description_kind":"plain","optional":true},"monitor_group_id":{"type":"number","description":"Set this attribute if you want to add this monitor to a monitor group.","description_kind":"plain","optional":true},"monitor_type":{"type":"string","description":"Valid values:\n\n    `status` We will check your website for 2XX HTTP status code.\n\n\t`expected_status_code` We will check if your website returned one of the values in expected_status_codes.\n\n    `keyword` We will check if your website contains the required_keyword.\n\n    `keyword_absence` We will check if your website doesn't contain the required_keyword.\n\n    `ping` We will ping your host specified in the url parameter.\n\n    `tcp` We will test a TCP port at your host specified in the url parameter\n(port is required).\n\n    `udp` We will test a UDP port at your host specified in the url parameter\n(port and required_keyword are required).\n\n    `smtp` We will check for a SMTP server at the host specified in the url parameter\n(port is required, and can be one of 25, 465, 587, or a combination of those ports separated by comma).\n\n    `pop` We will check for a POP3 server at the host specified in the url parameter\n(port is required, and can be 110, 995, or both).\n\n    `imap` We will check for an IMAP server at the host specified in the url parameter\n(port is required, and can be 143, 993, or both).","description_kind":"plain","required":true},"paused":{"type":"bool","description":"Set to true to pause monitoring - we won't notify you about downtime. Set to false to resume monitoring.","description_kind":"plain","optional":true},"policy_id":{"type":"string","description":"Set the escalation policy for the monitor.","description_kind":"plain","optional":true},"port":{"type":"string","description":"Required if monitor_type is set to tcp, udp, smtp, pop, or imap. tcp and udp monitors accept any ports, while smtp, pop, and imap accept only the specified ports corresponding with their servers (e.g. \"25,465,587\" for smtp).","description_kind":"plain","optional":true},"pronounceable_name":{"type":"string","description":"Pronounceable name of the monitor. We will use this when we call you. Try to make it tongue-friendly, please?","description_kind":"plain","optional":true},"push":{"type":"bool","description":"Should we send a push notification to the on-call person?","description_kind":"plain","optional":true},"recovery_period":{"type":"number","description":"How long the monitor must be up to automatically mark an incident as resolved after being down.","description_kind":"plain","optional":true},"regions":{"type":["list","string"],"description":"An array of regions to set. Allowed values are [\"us\", \"eu\", \"as\", \"au\"] or any subset of these regions.","description_kind":"plain","optional":true},"request_body":{"type":"string","description":"Request body for POST, PUT, PATCH requests.","description_kind":"plain","optional":true},"request_timeout":{"type":"number","description":"How long to wait before timing out the request? In seconds.","description_kind":"plain","optional":true},"required_keyword":{"type":"string","description":"Required if monitor_type is set to keyword  or udp. We will create a new incident if this keyword is missing on your page.","description_kind":"plain","optional":true},"sms":{"type":"bool","description":"Should we send an SMS to the on-call person?","description_kind":"plain","optional":true},"ssl_expiration":{"type":"number","description":"How many days before the SSL certificate expires do you want to be alerted? Valid values are 1, 2, 3, 7, 14, 30, and 60.","description_kind":"plain","optional":true},"team_wait":{"type":"number","description":"How long to wait before escalating the incident alert to the team. Leave blank to disable escalating to the entire team.","description_kind":"plain","optional":true},"url":{"type":"string","description":"URL of your website or the host you want to ping (see monitor_type below).","description_kind":"plain","required":true},"verify_ssl":{"type":"bool","description":"Should we verify SSL certificate validity?","description_kind":"plain","optional":true}},"description":"https://docs.betteruptime.com/api/monitors-api","description_kind":"plain"}},"betteruptime_monitor_group":{"version":0,"block":{"attributes":{"id":{"type":"string","description":"The ID of this Monitor.","description_kind":"plain","computed":true},"name":{"type":"string","description":"A name of the group that you can see in the dashboard.","description_kind":"plain","optional":true},"paused":{"type":"bool","description":"Set to true to pause monitoring for any existing monitors in the group - we won't notify you about downtime. Set to false to resume monitoring for any existing monitors in the group.","description_kind":"plain","optional":true},"sort_index":{"type":"number","description":"Set sort_index to specify how to sort your monitor groups.","description_kind":"plain","optional":true}},"description":"https://docs.betteruptime.com/api/monitor-groups-api","description_kind":"plain"}},"betteruptime_status_page":{"version":0,"block":{"attributes":{"announcement":{"type":"string","description":"Add an announcement to your status page.","description_kind":"plain","optional":true},"announcement_embed_custom_css":{"type":"string","description":"Modify the design of the announcement embed.","description_kind":"plain","optional":true},"announcement_embed_link":{"type":"string","description":"Point your embedded announcement to a specified URL.","description_kind":"plain","optional":true},"announcement_embed_visible":{"type":"bool","description":"Toggle this field if you want to show an announcement in your embed. You can embed the announcement using this snippet: `\u003cscript src=\"https://betteruptime.com/widgets/announcement.js\" data-id=\"\u003cSET STATUS_PAGE_ID\u003e\" async=\"async\" type=\"text/javascript\"\u003e\u003c/script\u003e`","description_kind":"plain","optional":true},"company_name":{"type":"string","description":"Name of your company.","description_kind":"plain","required":true},"company_url":{"type":"string","description":"URL of your company's website.","description_kind":"plain","required":true},"contact_url":{"type":"string","description":"URL that should be used for contacting you in case of an emergency.","description_kind":"plain","optional":true},"custom_css":{"type":"string","description":"Unleash your inner designer and tweak our status page design to fit your branding.","description_kind":"plain","optional":true},"custom_domain":{"type":"string","description":"Do you want a custom domain on your status page? Add a CNAME record that points your domain to status.betteruptime.com. Example: `CNAME status.walmine.com statuspage.betteruptime.com`","description_kind":"plain","optional":true},"google_analytics_id":{"type":"string","description":"Specify your own Google Analytics ID if you want to receive hits on your status page.","description_kind":"plain","optional":true},"hide_from_search_engines":{"type":"bool","description":"Hide your status page from search engines.","description_kind":"plain","optional":true},"id":{"type":"string","description":"The ID of this Status Page.","description_kind":"plain","computed":true},"logo_url":{"type":"string","description":"A direct link to your company's logo. The image should be under 20MB in size.","description_kind":"plain","optional":true},"min_incident_length":{"type":"number","description":"If you don't want to display short incidents on your status page, this attribute is for you.","description_kind":"plain","optional":true},"password":{"type":"string","description":"Set a password of your status page (we won't store it as plaintext, promise). Required when password_enabled: true. We will set password_enabled: false automatically when you send us an empty password.","description_kind":"plain","optional":true},"password_enabled":{"type":"bool","description":"Do you want to enable password protection on your status page?","description_kind":"plain","optional":true},"subdomain":{"type":"string","description":"What subdomain should we use for your status page? This needs to be unique across our entire application, so choose carefully","description_kind":"plain","required":true},"subscribable":{"type":"bool","description":"Do you want to allow users to subscribe to your status page changes?","description_kind":"plain","optional":true},"timezone":{"type":"string","description":"What timezone should we display your status page in? The accepted values can be found in the Rails TimeZone documentation. https://api.rubyonrails.org/classes/ActiveSupport/TimeZone.html","description_kind":"plain","required":true}},"description":"https://docs.betteruptime.com/api/status-pages-api","description_kind":"plain"}},"betteruptime_status_page_resource":{"version":0,"block":{"attributes":{"explanation":{"type":"string","description":"A detailed text displayed as a help icon.","description_kind":"plain","optional":true},"history":{"type":"bool","description":"Do you want to show the 90-day incident history for this item?","description_kind":"plain","optional":true},"id":{"type":"string","description":"The ID of this Status Page Resource.","description_kind":"plain","computed":true},"position":{"type":"number","description":"The position of this resource on your status page, indexed from zero. If you don't specify a position, we add the resource to the end of the status page. When you specify a position of an existing resource, we add the resource to this position and shift resources below to accommodate.","description_kind":"plain","optional":true},"public_name":{"type":"string","description":"The resource name displayed publicly on your status page.","description_kind":"plain","required":true},"resource_id":{"type":"number","description":"The ID of the resource you are adding.","description_kind":"plain","required":true},"resource_type":{"type":"string","description":"The type of the resource you are adding. Available values: Monitor, Heartbeat, WebhookIntegration, EmailIntegration.","description_kind":"plain","required":true},"status_page_id":{"type":"string","description":"The ID of the Status Page.","description_kind":"plain","required":true},"status_page_section_id":{"type":"number","description":"The ID of the Status Page Section. If you don't specify a status_page_section_id, we add the resource to the first section. If there are no sections in the status page yet, one will be automatically created for you.","description_kind":"plain","optional":true}},"description":"https://docs.betteruptime.com/api/status-page-resources-api","description_kind":"plain"}},"betteruptime_status_page_section":{"version":0,"block":{"attributes":{"id":{"type":"string","description":"The ID of this Status Page Section.","description_kind":"plain","computed":true},"name":{"type":"string","description":"The section name displayed publicly on your status page.","description_kind":"plain","optional":true},"position":{"type":"number","description":"The position of this section on your status page, indexed from zero. If you don't specify a position, we add the section to the end of the status page. When you specify a position of an existing section, we add the section to this position and shift sections below to accommodate.","description_kind":"plain","optional":true},"status_page_id":{"type":"string","description":"The ID of the Status Page.","description_kind":"plain","required":true}},"description":"https://docs.betteruptime.com/api/status-page-sections-api","description_kind":"plain"}}},"data_source_schemas":{"betteruptime_monitor":{"version":0,"block":{"attributes":{"auth_password":{"type":"string","description":"Basic HTTP authentication password to include with the request.","description_kind":"plain","computed":true,"sensitive":true},"auth_username":{"type":"string","description":"Basic HTTP authentication username to include with the request.","description_kind":"plain","computed":true,"sensitive":true},"call":{"type":"bool","description":"Should we call the on-call person?","description_kind":"plain","computed":true},"check_frequency":{"type":"number","description":"How often should we check your website? In seconds.","description_kind":"plain","computed":true},"confirmation_period":{"type":"number","description":"How long should we wait after observing a failure before we start a new incident?","description_kind":"plain","computed":true},"email":{"type":"bool","description":"Should we send an email to the on-call person?","description_kind":"plain","computed":true},"expected_status_codes":{"type":["list","number"],"description":"Required if monitor_type is set to expected_status_code. We will create a new incident if the status code returned from the server is not in the list of expected status codes.","description_kind":"plain","computed":true},"http_method":{"type":"string","description":"HTTP Method used to make a request. Valid options: GET, HEAD, POST, PUT, PATCH","description_kind":"plain","computed":true},"id":{"type":"string","description":"The ID of this Monitor.","description_kind":"plain","computed":true},"maintenance_from":{"type":"string","description":"Start of the maintenance window each day. We won't check your website during this window. In UTC timezone. Example: \"01:00:00\"","description_kind":"plain","computed":true},"maintenance_to":{"type":"string","description":"End of the maintenance window each day. In UTC timezone. Example: \"03:00:00\"","description_kind":"plain","computed":true},"monitor_group_id":{"type":"number","description":"Set this attribute if you want to add this monitor to a monitor group.","description_kind":"plain","computed":true},"monitor_type":{"type":"string","description":"Valid values:\n\n    `status` We will check your website for 2XX HTTP status code.\n\n\t`expected_status_code` We will check if your website returned one of the values in expected_status_codes.\n\n    `keyword` We will check if your website contains the required_keyword.\n\n    `keyword_absence` We will check if your website doesn't contain the required_keyword.\n\n    `ping` We will ping your host specified in the url parameter.\n\n    `tcp` We will test a TCP port at your host specified in the url parameter\n(port is required).\n\n    `udp` We will test a UDP port at your host specified in the url parameter\n(port and required_keyword are required).\n\n    `smtp` We will check for a SMTP server at the host specified in the url parameter\n(port is required, and can be one of 25, 465, 587, or a combination of those ports separated by comma).\n\n    `pop` We will check for a POP3 server at the host specified in the url parameter\n(port is required, and can be 110, 995, or both).\n\n    `imap` We will check for an IMAP server at the host specified in the url parameter\n(port is required, and can be 143, 993, or both).","description_kind":"plain","computed":true},"paused":{"type":"bool","description":"Set to true to pause monitoring - we won't notify you about downtime. Set to false to resume monitoring.","description_kind":"plain","computed":true},"policy_id":{"type":"string","description":"Set the escalation policy for the monitor.","description_kind":"plain","computed":true},"port":{"type":"string","description":"Required if monitor_type is set to tcp, udp, smtp, pop, or imap. tcp and udp monitors accept any ports, while smtp, pop, and imap accept only the specified ports corresponding with their servers (e.g. \"25,465,587\" for smtp).","description_kind":"plain","computed":true},"pronounceable_name":{"type":"string","description":"Pronounceable name of the monitor. We will use this when we call you. Try to make it tongue-friendly, please?","description_kind":"plain","computed":true},"push":{"type":"bool","description":"Should we send a push notification to the on-call person?","description_kind":"plain","computed":true},"recovery_period":{"type":"number","description":"How long the monitor must be up to automatically mark an incident as resolved after being down.","description_kind":"plain","computed":true},"regions":{"type":["list","string"],"description":"An array of regions to set. Allowed values are [\"us\", \"eu\", \"as\", \"au\"] or any subset of these regions.","description_kind":"plain","computed":true},"request_body":{"type":"string","description":"Request body for POST, PUT, PATCH requests.","description_kind":"plain","computed":true},"request_timeout":{"type":"number","description":"How long to wait before timing out the request? In seconds.","description_kind":"plain","computed":true},"required_keyword":{"type":"string","description":"Required if monitor_type is set to keyword  or udp. We will create a new incident if this keyword is missing on your page.","description_kind":"plain","computed":true},"sms":{"type":"bool","description":"Should we send an SMS to the on-call person?","description_kind":"plain","computed":true},"ssl_expiration":{"type":"number","description":"How many days before the SSL certificate expires do you want to be alerted? Valid values are 1, 2, 3, 7, 14, 30, and 60.","description_kind":"plain","computed":true},"team_wait":{"type":"number","description":"How long to wait before escalating the incident alert to the team. Leave blank to disable escalating to the entire team.","description_kind":"plain","computed":true},"url":{"type":"string","description":"URL of your website or the host you want to ping (see monitor_type below).","description_kind":"plain","required":true},"verify_ssl":{"type":"bool","description":"Should we verify SSL certificate validity?","description_kind":"plain","computed":true}},"description":"Monitor lookup.","description_kind":"plain"}},"betteruptime_policy":{"version":0,"block":{"attributes":{"id":{"type":"string","description":"The ID of this Policy.","description_kind":"plain","computed":true},"incident_token":{"type":"string","description_kind":"plain","computed":true},"name":{"type":"string","description":"The name of this Policy.","description_kind":"plain","required":true},"repeat_count":{"type":"number","description_kind":"plain","computed":true},"repeat_delay":{"type":"number","description_kind":"plain","computed":true}},"description":"Policy lookup.","description_kind":"plain"}}}}}}
