{"format_version":"0.2","provider_schemas":{"registry.terraform.io/britive/britive":{"provider":{"version":0,"block":{"attributes":{"config_path":{"type":"string","description":"This is the file path for Britive provider configuration. The default configuration path is ~/.britive/tf.config","description_kind":"plain","optional":true},"tenant":{"type":"string","description":"This is the Britive Tenant URL","description_kind":"plain","optional":true},"token":{"type":"string","description":"This is the API Token to interact with your Britive API","description_kind":"plain","optional":true,"sensitive":true}},"description_kind":"plain"}},"resource_schemas":{"britive_profile":{"version":0,"block":{"attributes":{"app_container_id":{"type":"string","description":"The identity of the Britive application","description_kind":"plain","required":true},"app_name":{"type":"string","description":"The name of the Britive application","description_kind":"plain","optional":true,"computed":true},"description":{"type":"string","description":"The description of the Britive profile","description_kind":"plain","optional":true},"disabled":{"type":"bool","description":"To disable the Britive profile","description_kind":"plain","optional":true},"expiration_duration":{"type":"string","description":"The expiration time for the Britive profile","description_kind":"plain","required":true},"extendable":{"type":"bool","description":"The Boolean flag that indicates whether profile expiry is extendable or not","description_kind":"plain","optional":true},"extension_duration":{"type":"string","description":"The profile expiry extension as a time value","description_kind":"plain","optional":true},"extension_limit":{"type":"number","description":"The repetition limit for extending the profile expiry","description_kind":"plain","optional":true},"id":{"type":"string","description_kind":"plain","optional":true,"computed":true},"name":{"type":"string","description":"The name of the Britive profile","description_kind":"plain","required":true},"notification_prior_to_expiration":{"type":"string","description":"he profile expiry notification as a time value","description_kind":"plain","optional":true}},"block_types":{"associations":{"nesting_mode":"list","block":{"attributes":{"parent_name":{"type":"string","description":"The parent name of the resource. Required only if the association type is ApplicationResource","description_kind":"plain","optional":true},"type":{"type":"string","description":"The type of association, should be one of [Environment, EnvironmentGroup, ApplicationResource]","description_kind":"plain","required":true},"value":{"type":"string","description":"The association value","description_kind":"plain","required":true}},"description":"The list of associations for the Britive profile","description_kind":"plain"},"min_items":1}},"description_kind":"plain"}},"britive_profile_identity":{"version":0,"block":{"attributes":{"app_name":{"type":"string","description":"The name of the application, profile is assciated with","description_kind":"plain","optional":true,"computed":true},"id":{"type":"string","description_kind":"plain","optional":true,"computed":true},"profile_id":{"type":"string","description":"The identifier of the profile","description_kind":"plain","required":true},"profile_name":{"type":"string","description":"The name of the profile","description_kind":"plain","optional":true,"computed":true},"username":{"type":"string","description":"The identity associate with the profile","description_kind":"plain","required":true}},"block_types":{"access_period":{"nesting_mode":"list","block":{"attributes":{"end":{"type":"string","description":"The end of the access period for the associated identity","description_kind":"plain","required":true},"start":{"type":"string","description":"The start of the access period for the associated identity","description_kind":"plain","required":true}},"description":"The access period for the associated identity","description_kind":"plain"},"max_items":1}},"description_kind":"plain"}},"britive_profile_permission":{"version":0,"block":{"attributes":{"app_name":{"type":"string","description":"The application name of the application, profile is assciated with","description_kind":"plain","optional":true,"computed":true},"id":{"type":"string","description_kind":"plain","optional":true,"computed":true},"permission_name":{"type":"string","description":"The name of permission","description_kind":"plain","required":true},"permission_type":{"type":"string","description":"The type of permission","description_kind":"plain","required":true},"profile_id":{"type":"string","description":"The identifier of the profile","description_kind":"plain","required":true},"profile_name":{"type":"string","description":"The name of the profile","description_kind":"plain","optional":true,"computed":true}},"description_kind":"plain"}},"britive_profile_tag":{"version":0,"block":{"attributes":{"app_name":{"type":"string","description":"The application name of the application, profile is assciated with","description_kind":"plain","optional":true,"computed":true},"id":{"type":"string","description_kind":"plain","optional":true,"computed":true},"profile_id":{"type":"string","description":"The identifier of the profile","description_kind":"plain","required":true},"profile_name":{"type":"string","description":"The name of the profile","description_kind":"plain","optional":true,"computed":true},"tag_name":{"type":"string","description":"The tag associate with the profile","description_kind":"plain","required":true}},"block_types":{"access_period":{"nesting_mode":"list","block":{"attributes":{"end":{"type":"string","description":"The end of the access period for the associated tag","description_kind":"plain","required":true},"start":{"type":"string","description":"The start of the access period for the associated tag","description_kind":"plain","required":true}},"description":"The access period for the associated tag","description_kind":"plain"},"max_items":1}},"description_kind":"plain"}},"britive_tag":{"version":0,"block":{"attributes":{"description":{"type":"string","description":"The description of the Britive tag","description_kind":"plain","optional":true},"disabled":{"type":"bool","description":"To disable the Britive tag","description_kind":"plain","optional":true},"external":{"type":"bool","description":"The boolean attribute that indicates whether the tag is external or not","description_kind":"plain","optional":true,"computed":true},"id":{"type":"string","description_kind":"plain","optional":true,"computed":true},"identity_provider_id":{"type":"string","description":"The unique identity of the identity provider associated with the Britive tag","description_kind":"plain","required":true},"name":{"type":"string","description":"The name of Britive tag","description_kind":"plain","required":true}},"description_kind":"plain"}},"britive_tag_member":{"version":0,"block":{"attributes":{"id":{"type":"string","description_kind":"plain","optional":true,"computed":true},"tag_id":{"type":"string","description":"The identifier of the Britive tag","description_kind":"plain","required":true},"tag_name":{"type":"string","description":"The name of the Britive tag","description_kind":"plain","optional":true,"computed":true},"username":{"type":"string","description":"The username of the user added to the Britive tag","description_kind":"plain","required":true}},"description_kind":"plain"}}},"data_source_schemas":{"britive_application":{"version":0,"block":{"attributes":{"id":{"type":"string","description_kind":"plain","optional":true,"computed":true},"name":{"type":"string","description":"The name of the application","description_kind":"plain","required":true}},"description_kind":"plain"}},"britive_identity_provider":{"version":0,"block":{"attributes":{"id":{"type":"string","description_kind":"plain","optional":true,"computed":true},"name":{"type":"string","description":"The name of the identity provider","description_kind":"plain","required":true}},"description_kind":"plain"}}}}}}
