{"format_version":"0.2","provider_schemas":{"registry.terraform.io/checkly/checkly":{"provider":{"version":0,"block":{"attributes":{"account_id":{"type":"string","description_kind":"plain","optional":true},"api_key":{"type":"string","description_kind":"plain","required":true},"api_url":{"type":"string","description_kind":"plain","optional":true}},"description_kind":"plain"}},"resource_schemas":{"checkly_alert_channel":{"version":0,"block":{"attributes":{"id":{"type":"string","description_kind":"plain","optional":true,"computed":true},"send_degraded":{"type":"bool","description_kind":"plain","optional":true},"send_failure":{"type":"bool","description_kind":"plain","optional":true},"send_recovery":{"type":"bool","description_kind":"plain","optional":true},"ssl_expiry":{"type":"bool","description_kind":"plain","optional":true},"ssl_expiry_threshold":{"type":"number","description_kind":"plain","optional":true}},"block_types":{"email":{"nesting_mode":"set","block":{"attributes":{"address":{"type":"string","description_kind":"plain","required":true}},"description_kind":"plain"},"max_items":1},"opsgenie":{"nesting_mode":"set","block":{"attributes":{"api_key":{"type":"string","description_kind":"plain","required":true},"name":{"type":"string","description_kind":"plain","required":true},"priority":{"type":"string","description_kind":"plain","required":true},"region":{"type":"string","description_kind":"plain","required":true}},"description_kind":"plain"},"max_items":1},"pagerduty":{"nesting_mode":"set","block":{"attributes":{"account":{"type":"string","description_kind":"plain","optional":true},"service_key":{"type":"string","description_kind":"plain","required":true},"service_name":{"type":"string","description_kind":"plain","optional":true}},"description_kind":"plain"},"max_items":1},"slack":{"nesting_mode":"set","block":{"attributes":{"channel":{"type":"string","description_kind":"plain","required":true},"url":{"type":"string","description_kind":"plain","required":true}},"description_kind":"plain"},"max_items":1},"sms":{"nesting_mode":"set","block":{"attributes":{"name":{"type":"string","description_kind":"plain","required":true},"number":{"type":"string","description_kind":"plain","required":true}},"description_kind":"plain"},"max_items":1},"webhook":{"nesting_mode":"set","block":{"attributes":{"headers":{"type":["map","string"],"description_kind":"plain","optional":true,"computed":true},"method":{"type":"string","description_kind":"plain","optional":true},"name":{"type":"string","description_kind":"plain","required":true},"query_parameters":{"type":["map","string"],"description_kind":"plain","optional":true,"computed":true},"template":{"type":"string","description_kind":"plain","optional":true},"url":{"type":"string","description_kind":"plain","required":true},"webhook_secret":{"type":"string","description_kind":"plain","optional":true}},"description_kind":"plain"},"max_items":1}},"description_kind":"plain"}},"checkly_check":{"version":0,"block":{"attributes":{"activated":{"type":"bool","description_kind":"plain","required":true},"degraded_response_time":{"type":"number","description_kind":"plain","optional":true},"double_check":{"type":"bool","description_kind":"plain","optional":true},"environment_variables":{"type":["map","string"],"description_kind":"plain","optional":true},"frequency":{"type":"number","description_kind":"plain","required":true},"frequency_offset":{"type":"number","description_kind":"plain","optional":true},"group_id":{"type":"number","description_kind":"plain","optional":true},"group_order":{"type":"number","description_kind":"plain","optional":true},"id":{"type":"string","description_kind":"plain","optional":true,"computed":true},"local_setup_script":{"type":"string","description_kind":"plain","optional":true},"local_teardown_script":{"type":"string","description_kind":"plain","optional":true},"locations":{"type":["set","string"],"description_kind":"plain","required":true},"max_response_time":{"type":"number","description_kind":"plain","optional":true},"muted":{"type":"bool","description_kind":"plain","optional":true},"name":{"type":"string","description_kind":"plain","required":true},"runtime_id":{"type":"string","description_kind":"plain","optional":true},"script":{"type":"string","description_kind":"plain","optional":true},"setup_snippet_id":{"type":"number","description_kind":"plain","optional":true},"should_fail":{"type":"bool","description_kind":"plain","optional":true},"ssl_check":{"type":"bool","description_kind":"plain","optional":true},"tags":{"type":["set","string"],"description_kind":"plain","optional":true},"teardown_snippet_id":{"type":"number","description_kind":"plain","optional":true},"type":{"type":"string","description_kind":"plain","required":true},"use_global_alert_settings":{"type":"bool","description_kind":"plain","optional":true}},"block_types":{"alert_channel_subscription":{"nesting_mode":"list","block":{"attributes":{"activated":{"type":"bool","description_kind":"plain","required":true},"channel_id":{"type":"number","description_kind":"plain","required":true}},"description_kind":"plain"}},"alert_settings":{"nesting_mode":"set","block":{"attributes":{"escalation_type":{"type":"string","description_kind":"plain","optional":true}},"block_types":{"reminders":{"nesting_mode":"set","block":{"attributes":{"amount":{"type":"number","description_kind":"plain","optional":true},"interval":{"type":"number","description_kind":"plain","optional":true}},"description_kind":"plain"}},"run_based_escalation":{"nesting_mode":"set","block":{"attributes":{"failed_run_threshold":{"type":"number","description_kind":"plain","optional":true}},"description_kind":"plain"}},"ssl_certificates":{"nesting_mode":"set","block":{"attributes":{"alert_threshold":{"type":"number","description_kind":"plain","optional":true},"enabled":{"type":"bool","description_kind":"plain","optional":true}},"description_kind":"plain"}},"time_based_escalation":{"nesting_mode":"set","block":{"attributes":{"minutes_failing_threshold":{"type":"number","description_kind":"plain","optional":true}},"description_kind":"plain"}}},"description_kind":"plain"},"max_items":1},"request":{"nesting_mode":"set","block":{"attributes":{"body":{"type":"string","description_kind":"plain","optional":true},"body_type":{"type":"string","description_kind":"plain","optional":true},"follow_redirects":{"type":"bool","description_kind":"plain","optional":true},"headers":{"type":["map","string"],"description_kind":"plain","optional":true,"computed":true},"method":{"type":"string","description_kind":"plain","optional":true},"query_parameters":{"type":["map","string"],"description_kind":"plain","optional":true,"computed":true},"url":{"type":"string","description_kind":"plain","required":true}},"block_types":{"assertion":{"nesting_mode":"set","block":{"attributes":{"comparison":{"type":"string","description_kind":"plain","required":true},"property":{"type":"string","description_kind":"plain","optional":true},"source":{"type":"string","description_kind":"plain","required":true},"target":{"type":"string","description_kind":"plain","optional":true}},"description_kind":"plain"}},"basic_auth":{"nesting_mode":"set","block":{"attributes":{"password":{"type":"string","description_kind":"plain","required":true},"username":{"type":"string","description_kind":"plain","required":true}},"description_kind":"plain"},"max_items":1}},"description_kind":"plain"},"max_items":1}},"description_kind":"plain"}},"checkly_check_group":{"version":0,"block":{"attributes":{"activated":{"type":"bool","description_kind":"plain","required":true},"concurrency":{"type":"number","description_kind":"plain","required":true},"double_check":{"type":"bool","description_kind":"plain","optional":true},"environment_variables":{"type":["map","string"],"description_kind":"plain","optional":true},"id":{"type":"string","description_kind":"plain","optional":true,"computed":true},"local_setup_script":{"type":"string","description_kind":"plain","optional":true},"local_teardown_script":{"type":"string","description_kind":"plain","optional":true},"locations":{"type":["set","string"],"description_kind":"plain","required":true},"muted":{"type":"bool","description_kind":"plain","optional":true},"name":{"type":"string","description_kind":"plain","required":true},"runtime_id":{"type":"string","description_kind":"plain","optional":true},"setup_snippet_id":{"type":"number","description_kind":"plain","optional":true},"tags":{"type":["set","string"],"description_kind":"plain","optional":true},"teardown_snippet_id":{"type":"number","description_kind":"plain","optional":true},"use_global_alert_settings":{"type":"bool","description_kind":"plain","optional":true}},"block_types":{"alert_channel_subscription":{"nesting_mode":"list","block":{"attributes":{"activated":{"type":"bool","description_kind":"plain","required":true},"channel_id":{"type":"number","description_kind":"plain","required":true}},"description_kind":"plain"}},"alert_settings":{"nesting_mode":"set","block":{"attributes":{"escalation_type":{"type":"string","description_kind":"plain","optional":true}},"block_types":{"reminders":{"nesting_mode":"set","block":{"attributes":{"amount":{"type":"number","description_kind":"plain","optional":true},"interval":{"type":"number","description_kind":"plain","optional":true}},"description_kind":"plain"}},"run_based_escalation":{"nesting_mode":"set","block":{"attributes":{"failed_run_threshold":{"type":"number","description_kind":"plain","optional":true}},"description_kind":"plain"}},"ssl_certificates":{"nesting_mode":"set","block":{"attributes":{"alert_threshold":{"type":"number","description_kind":"plain","optional":true},"enabled":{"type":"bool","description_kind":"plain","optional":true}},"description_kind":"plain"}},"time_based_escalation":{"nesting_mode":"set","block":{"attributes":{"minutes_failing_threshold":{"type":"number","description_kind":"plain","optional":true}},"description_kind":"plain"}}},"description_kind":"plain"},"max_items":1},"api_check_defaults":{"nesting_mode":"set","block":{"attributes":{"headers":{"type":["map","string"],"description_kind":"plain","optional":true,"computed":true},"query_parameters":{"type":["map","string"],"description_kind":"plain","optional":true,"computed":true},"url":{"type":"string","description_kind":"plain","required":true}},"block_types":{"assertion":{"nesting_mode":"set","block":{"attributes":{"comparison":{"type":"string","description_kind":"plain","required":true},"property":{"type":"string","description_kind":"plain","optional":true},"source":{"type":"string","description_kind":"plain","required":true},"target":{"type":"string","description_kind":"plain","required":true}},"description_kind":"plain"}},"basic_auth":{"nesting_mode":"set","block":{"attributes":{"password":{"type":"string","description_kind":"plain","required":true},"username":{"type":"string","description_kind":"plain","required":true}},"description_kind":"plain"},"max_items":1}},"description_kind":"plain"},"max_items":1}},"description_kind":"plain"}},"checkly_dashboard":{"version":0,"block":{"attributes":{"custom_domain":{"type":"string","description_kind":"plain","required":true},"custom_url":{"type":"string","description_kind":"plain","required":true},"header":{"type":"string","description_kind":"plain","required":true},"hide_tags":{"type":"bool","description_kind":"plain","required":true},"id":{"type":"string","description_kind":"plain","optional":true,"computed":true},"logo":{"type":"string","description_kind":"plain","required":true},"paginate":{"type":"bool","description_kind":"plain","required":true},"pagination_rate":{"type":"number","description_kind":"plain","required":true},"refresh_rate":{"type":"number","description_kind":"plain","required":true},"tags":{"type":["set","string"],"description_kind":"plain","optional":true},"width":{"type":"string","description_kind":"plain","optional":true}},"description_kind":"plain"}},"checkly_maintenance_windows":{"version":0,"block":{"attributes":{"ends_at":{"type":"string","description_kind":"plain","required":true},"id":{"type":"string","description_kind":"plain","optional":true,"computed":true},"name":{"type":"string","description_kind":"plain","required":true},"repeat_ends_at":{"type":"string","description_kind":"plain","required":true},"repeat_interval":{"type":"number","description_kind":"plain","required":true},"repeat_unit":{"type":"string","description_kind":"plain","required":true},"starts_at":{"type":"string","description_kind":"plain","required":true},"tags":{"type":["set","string"],"description_kind":"plain","optional":true}},"description_kind":"plain"}},"checkly_snippet":{"version":0,"block":{"attributes":{"id":{"type":"string","description_kind":"plain","optional":true,"computed":true},"name":{"type":"string","description_kind":"plain","required":true},"script":{"type":"string","description_kind":"plain","required":true}},"description_kind":"plain"}}}}}}
