{"format_version":"0.2","provider_schemas":{"registry.terraform.io/checkpointsw/checkpoint":{"provider":{"version":0,"block":{"attributes":{"context":{"type":"string","description":"Check Point access context - gaia_api or web_api","description_kind":"plain","optional":true},"domain":{"type":"string","description":"login to specific domain. Domain can be identified by name or UID.","description_kind":"plain","optional":true},"password":{"type":"string","description":"Check Point Management admin password","description_kind":"plain","optional":true},"port":{"type":"number","description":"Port used for connection to the API server","description_kind":"plain","optional":true},"server":{"type":"string","description":"Check Point Management server IP","description_kind":"plain","optional":true},"session_file_name":{"type":"string","description":"File name used to store the current session id.","description_kind":"plain","optional":true},"timeout":{"type":"number","description":"Timeout in seconds for the Go SDK to complete a transaction","description_kind":"plain","optional":true},"username":{"type":"string","description":"Check Point Management admin name","description_kind":"plain","optional":true}},"description_kind":"plain"}},"resource_schemas":{"checkpoint_hostname":{"version":0,"block":{"attributes":{"id":{"type":"string","description_kind":"plain","optional":true,"computed":true},"name":{"type":"string","description":"interface name","description_kind":"plain","required":true}},"description_kind":"plain"}},"checkpoint_management_access_layer":{"version":0,"block":{"attributes":{"add_default_rule":{"type":"bool","description":"Indicates whether to include a cleanup rule in the new layer.","description_kind":"plain","optional":true},"applications_and_url_filtering":{"type":"bool","description":"Whether to enable Applications \u0026 URL Filtering blade on the layer.","description_kind":"plain","optional":true},"color":{"type":"string","description":"Color of the object. Should be one of existing colors.","description_kind":"plain","optional":true},"comments":{"type":"string","description":"Comments string.","description_kind":"plain","optional":true},"content_awareness":{"type":"bool","description":"Whether to enable Content Awareness blade on the layer.","description_kind":"plain","optional":true},"detect_using_x_forward_for":{"type":"bool","description":"Whether to use X-Forward-For HTTP header, which is added by the  proxy server to keep track of the original source IP.","description_kind":"plain","optional":true},"firewall":{"type":"bool","description":"Whether to enable Firewall blade on the layer.","description_kind":"plain","optional":true},"id":{"type":"string","description_kind":"plain","optional":true,"computed":true},"ignore_errors":{"type":"bool","description":"Apply changes ignoring errors. You won't be able to publish such a changes. If ignore-warnings flag was omitted - warnings will also be ignored.","description_kind":"plain","optional":true},"ignore_warnings":{"type":"bool","description":"Apply changes ignoring warnings.","description_kind":"plain","optional":true},"implicit_cleanup_action":{"type":"string","description":"The default \"catch-all\" action for traffic that does not match any explicit or implied rules in the layer.","description_kind":"plain","optional":true},"mobile_access":{"type":"bool","description":"Whether to enable Mobile Access blade on the layer.","description_kind":"plain","optional":true},"name":{"type":"string","description":"Object name.","description_kind":"plain","required":true},"shared":{"type":"bool","description":"Whether this layer is shared.","description_kind":"plain","optional":true},"tags":{"type":["set","string"],"description":"Collection of tag identifiers.","description_kind":"plain","optional":true}},"description_kind":"plain"}},"checkpoint_management_access_point_name":{"version":0,"block":{"attributes":{"apn":{"type":"string","description":"APN name.","description_kind":"plain","optional":true},"block_traffic_other_end_user_domains":{"type":"bool","description":"Block MS to MS traffic between this and other APN end user domains.","description_kind":"plain","optional":true},"block_traffic_this_end_user_domain":{"type":"bool","description":"Block MS to MS traffic within this end user domain.","description_kind":"plain","optional":true},"color":{"type":"string","description":"Color of the object. Should be one of existing colors.","description_kind":"plain","optional":true},"comments":{"type":"string","description":"Comments string.","description_kind":"plain","optional":true},"end_user_domain":{"type":"string","description":"End user domain name or UID.","description_kind":"plain","optional":true},"enforce_end_user_domain":{"type":"bool","description":"Enable enforce end user domain.","description_kind":"plain","optional":true},"id":{"type":"string","description_kind":"plain","optional":true,"computed":true},"ignore_errors":{"type":"bool","description":"Apply changes ignoring errors. You won't be able to publish such a changes. If ignore-warnings flag was omitted - warnings will also be ignored.","description_kind":"plain","optional":true},"ignore_warnings":{"type":"bool","description":"Apply changes ignoring warnings.","description_kind":"plain","optional":true},"name":{"type":"string","description":"Object name.","description_kind":"plain","required":true},"tags":{"type":["set","string"],"description":"Collection of tag identifiers.","description_kind":"plain","optional":true}},"description_kind":"plain"}},"checkpoint_management_access_role":{"version":0,"block":{"attributes":{"color":{"type":"string","description":"Color of the object. Should be one of existing colors.","description_kind":"plain","optional":true},"comments":{"type":"string","description":"Comments string.","description_kind":"plain","optional":true},"id":{"type":"string","description_kind":"plain","optional":true,"computed":true},"ignore_errors":{"type":"bool","description":"Apply changes ignoring errors. You won't be able to publish such a changes. If ignore-warnings flag was omitted - warnings will also be ignored.","description_kind":"plain","optional":true},"ignore_warnings":{"type":"bool","description":"Apply changes ignoring warnings.","description_kind":"plain","optional":true},"name":{"type":"string","description":"Object name.","description_kind":"plain","required":true},"networks":{"type":["set","string"],"description":"Collection of Network objects identified by the name or UID that can access the system.","description_kind":"plain","optional":true},"remote_access_clients":{"type":"string","description":"Remote access clients identified by name or UID.","description_kind":"plain","optional":true},"tags":{"type":["set","string"],"description":"Collection of tag identifiers.","description_kind":"plain","optional":true}},"block_types":{"machines":{"nesting_mode":"list","block":{"attributes":{"base_dn":{"type":"string","description":"When source is \"Active Directory\" use \"base-dn\" to refine the query in AD database.","description_kind":"plain","optional":true},"selection":{"type":["set","string"],"description":"Name or UID of an object selected from source.","description_kind":"plain","optional":true},"source":{"type":"string","description":"Active Directory name or UID or Identity Tag.","description_kind":"plain","optional":true}},"description_kind":"plain"}},"timeouts":{"nesting_mode":"single","block":{"attributes":{"create":{"type":"string","description_kind":"plain","optional":true}},"description_kind":"plain"}},"users":{"nesting_mode":"list","block":{"attributes":{"base_dn":{"type":"string","description":"When source is \"Active Directory\" use \"base-dn\" to refine the query in AD database.","description_kind":"plain","optional":true},"selection":{"type":["set","string"],"description":"Name or UID of an object selected from source.","description_kind":"plain","optional":true},"source":{"type":"string","description":"Active Directory name or UID or Identity Tag  or Internal User Groups or LDAP groups or Guests.","description_kind":"plain","optional":true}},"description_kind":"plain"}}},"description_kind":"plain"}},"checkpoint_management_access_rule":{"version":0,"block":{"attributes":{"action":{"type":"string","description":"\"Accept\", \"Drop\", \"Ask\", \"Inform\", \"Reject\", \"User Auth\", \"Client Auth\", \"Apply Layer\".","description_kind":"plain","optional":true},"action_settings":{"type":["map","string"],"description":"Action settings.","description_kind":"plain","optional":true},"comments":{"type":"string","description":"Comments string.","description_kind":"plain","optional":true},"content":{"type":["set","string"],"description":"List of processed file types that this rule applies on.","description_kind":"plain","optional":true},"content_direction":{"type":"string","description":"On which direction the file types processing is applied.","description_kind":"plain","optional":true},"content_negate":{"type":"bool","description":"True if negate is set for data.","description_kind":"plain","optional":true},"custom_fields":{"type":["map","string"],"description":"Custom fields.","description_kind":"plain","optional":true},"destination":{"type":["set","string"],"description":"Collection of Network objects identified by the name or UID.","description_kind":"plain","optional":true},"destination_negate":{"type":"bool","description":"True if negate is set for destination.","description_kind":"plain","optional":true},"enabled":{"type":"bool","description":"Enable/Disable the rule.","description_kind":"plain","optional":true},"id":{"type":"string","description_kind":"plain","optional":true,"computed":true},"ignore_errors":{"type":"bool","description":"Apply changes ignoring errors. You won't be able to publish such a changes. If ignore-warnings flag was omitted - warnings will also be ignored.","description_kind":"plain","optional":true},"ignore_warnings":{"type":"bool","description":"Apply changes ignoring warnings.","description_kind":"plain","optional":true},"inline_layer":{"type":"string","description":"Inline Layer identified by the name or UID. Relevant only if \"Action\" was set to \"Apply Layer\".","description_kind":"plain","optional":true},"install_on":{"type":["set","string"],"description":"Which Gateways identified by the name or UID to install the policy on.","description_kind":"plain","optional":true},"layer":{"type":"string","description":"Layer that the rule belongs to identified by the name or UID.","description_kind":"plain","required":true},"name":{"type":"string","description":"Rule name.","description_kind":"plain","required":true},"position":{"type":["map","string"],"description":"Position in the rulebase.","description_kind":"plain","required":true},"service":{"type":["set","string"],"description":"Collection of Network objects identified by the name or UID.","description_kind":"plain","optional":true},"service_negate":{"type":"bool","description":"True if negate is set for service.","description_kind":"plain","optional":true},"source":{"type":["set","string"],"description":"Collection of Network objects identified by the name or UID.","description_kind":"plain","optional":true},"source_negate":{"type":"bool","description":"True if negate is set for source.","description_kind":"plain","optional":true},"time":{"type":["set","string"],"description":"List of time objects. For example: \"Weekend\", \"Off-Work\", \"Every-Day\".","description_kind":"plain","optional":true},"track":{"type":["map","string"],"description":"Track Settings.","description_kind":"plain","optional":true},"vpn":{"type":"string","description":"Communities or Directional.","description_kind":"plain","optional":true}},"block_types":{"user_check":{"nesting_mode":"list","block":{"attributes":{"confirm":{"type":"string","description":"N/A","description_kind":"plain","optional":true},"frequency":{"type":"string","description":"N/A","description_kind":"plain","optional":true},"interaction":{"type":"string","description":"N/A","description_kind":"plain","optional":true}},"block_types":{"custom_frequency":{"nesting_mode":"list","block":{"attributes":{"every":{"type":"number","description":"N/A","description_kind":"plain","optional":true},"unit":{"type":"string","description":"N/A","description_kind":"plain","optional":true}},"description_kind":"plain"},"max_items":1}},"description_kind":"plain"},"max_items":1}},"description_kind":"plain"}},"checkpoint_management_access_section":{"version":0,"block":{"attributes":{"id":{"type":"string","description_kind":"plain","optional":true,"computed":true},"ignore_errors":{"type":"bool","description":"Apply changes ignoring errors. You won't be able to publish such a changes. If ignore-warnings flag was omitted - warnings will also be ignored.","description_kind":"plain","optional":true},"ignore_warnings":{"type":"bool","description":"Apply changes ignoring warnings.","description_kind":"plain","optional":true},"layer":{"type":"string","description":"Layer that the rule belongs to identified by the name or UID.","description_kind":"plain","required":true},"name":{"type":"string","description":"Object name.","description_kind":"plain","required":true},"position":{"type":["map","string"],"description":"Position in the rulebase.","description_kind":"plain","required":true}},"description_kind":"plain"}},"checkpoint_management_add_api_key":{"version":0,"block":{"attributes":{"admin_name":{"type":"string","description":"Administrator name to generate API key for.","description_kind":"plain","optional":true},"admin_uid":{"type":"string","description":"Administrator uid to generate API key for.","description_kind":"plain","optional":true},"api_key":{"type":"string","description":"Represents the API Key to be used for Login.","description_kind":"plain","computed":true},"id":{"type":"string","description_kind":"plain","optional":true,"computed":true}},"description_kind":"plain"}},"checkpoint_management_add_data_center_object":{"version":0,"block":{"attributes":{"color":{"type":"string","description":"Color of the object. Should be one of existing colors.","description_kind":"plain","optional":true},"comments":{"type":"string","description":"Comments string.","description_kind":"plain","optional":true},"data_center_name":{"type":"string","description":"Name of the Data Center Server the object is in.","description_kind":"plain","optional":true},"data_center_uid":{"type":"string","description":"Unique identifier of the Data Center Server the object is in.","description_kind":"plain","optional":true},"groups":{"type":["set","string"],"description":"Collection of group identifiers.","description_kind":"plain","optional":true},"id":{"type":"string","description_kind":"plain","optional":true,"computed":true},"ignore_errors":{"type":"bool","description":"Apply changes ignoring errors. You won't be able to publish such a changes. If ignore-warnings flag was omitted - warnings will also be ignored.","description_kind":"plain","optional":true},"ignore_warnings":{"type":"bool","description":"Apply changes ignoring warnings.","description_kind":"plain","optional":true},"name":{"type":"string","description":"Override default name on data-center.","description_kind":"plain","optional":true},"tags":{"type":["set","string"],"description":"Collection of tag identifiers.","description_kind":"plain","optional":true},"uid_in_data_center":{"type":"string","description":"Unique identifier of the object in the Data Center Server.","description_kind":"plain","optional":true},"uri":{"type":"string","description":"URI of the object in the Data Center Server.","description_kind":"plain","optional":true}},"description_kind":"plain"}},"checkpoint_management_add_threat_protections":{"version":0,"block":{"attributes":{"id":{"type":"string","description_kind":"plain","optional":true,"computed":true},"package_format":{"type":"string","description":"Protections package format.","description_kind":"plain","optional":true},"package_path":{"type":"string","description":"Protections package path.","description_kind":"plain","optional":true},"task_id":{"type":"string","description":"Command asynchronous task unique identifier.","description_kind":"plain","computed":true}},"description_kind":"plain"}},"checkpoint_management_add_updatable_object":{"version":0,"block":{"attributes":{"color":{"type":"string","description":"Color of the object. Should be one of existing colors.","description_kind":"plain","optional":true},"comments":{"type":"string","description":"Comments string.","description_kind":"plain","optional":true},"id":{"type":"string","description_kind":"plain","optional":true,"computed":true},"ignore_errors":{"type":"bool","description":"Apply changes ignoring errors. You won't be able to publish such a changes. If ignore-warnings flag was omitted - warnings will also be ignored.","description_kind":"plain","optional":true},"ignore_warnings":{"type":"bool","description":"Apply changes ignoring warnings.","description_kind":"plain","optional":true},"tags":{"type":["set","string"],"description":"Collection of tag identifiers.","description_kind":"plain","optional":true},"uid_in_updatable_objects_repository":{"type":"string","description":"Unique identifier of the updatable object in the Updatable Objects Repository.","description_kind":"plain","optional":true},"uri":{"type":"string","description":"URI of the updatable object in the Updatable Objects Repository.","description_kind":"plain","optional":true}},"description_kind":"plain"}},"checkpoint_management_address_range":{"version":0,"block":{"attributes":{"color":{"type":"string","description":"Color of the object. Should be one of existing colors.","description_kind":"plain","optional":true},"comments":{"type":"string","description":"Comments string.","description_kind":"plain","optional":true},"id":{"type":"string","description_kind":"plain","optional":true,"computed":true},"ignore_errors":{"type":"bool","description":"Apply changes ignoring errors. You won't be able to publish such a changes. If ignore-warnings flag was omitted - warnings will also be ignored.","description_kind":"plain","optional":true},"ignore_warnings":{"type":"bool","description":"Apply changes ignoring warnings.","description_kind":"plain","optional":true},"ipv4_address_first":{"type":"string","description":"First IPv4 address in the range.","description_kind":"plain","optional":true},"ipv4_address_last":{"type":"string","description":"Last IPv4 address in the range.","description_kind":"plain","optional":true},"ipv6_address_first":{"type":"string","description":"First IPv6 address in the range.","description_kind":"plain","optional":true},"ipv6_address_last":{"type":"string","description":"Last IPv6 address in the range.","description_kind":"plain","optional":true},"name":{"type":"string","description":"Object name. Should be unique in the domain.","description_kind":"plain","required":true},"nat_settings":{"type":["map","string"],"description":"NAT settings.","description_kind":"plain","optional":true},"tags":{"type":["set","string"],"description":"Collection of tag identifiers.","description_kind":"plain","optional":true}},"description_kind":"plain"}},"checkpoint_management_application_site":{"version":0,"block":{"attributes":{"additional_categories":{"type":["set","string"],"description":"Used to configure or edit the additional categories of a custom application / site used in the Application and URL Filtering or Threat Prevention.","description_kind":"plain","optional":true},"application_signature":{"type":"string","description":"Application signature generated by \u003ca href=\"https://supportcenter.checkpoint.com/supportcenter/portal?eventSubmit_doGoviewsolutiondetails=\u0026solutionid=sk103051\"\u003eSignature Tool\u003c/a\u003e.","description_kind":"plain","optional":true},"color":{"type":"string","description":"Color of the object. Should be one of existing colors.","description_kind":"plain","optional":true},"comments":{"type":"string","description":"Comments string.","description_kind":"plain","optional":true},"description":{"type":"string","description":"A description for the application.","description_kind":"plain","optional":true},"id":{"type":"string","description_kind":"plain","optional":true,"computed":true},"ignore_errors":{"type":"bool","description":"Apply changes ignoring errors. You won't be able to publish such a changes. If ignore-warnings flag was omitted - warnings will also be ignored.","description_kind":"plain","optional":true},"ignore_warnings":{"type":"bool","description":"Apply changes ignoring warnings.","description_kind":"plain","optional":true},"name":{"type":"string","description":"Object name.","description_kind":"plain","required":true},"primary_category":{"type":"string","description":"Each application is assigned to one primary category based on its most defining aspect.","description_kind":"plain","optional":true},"tags":{"type":["set","string"],"description":"Collection of tag identifiers.","description_kind":"plain","optional":true},"url_list":{"type":["set","string"],"description":"URLs that determine this particular application.","description_kind":"plain","optional":true},"urls_defined_as_regular_expression":{"type":"bool","description":"States whether the URL is defined as a Regular Expression or not.","description_kind":"plain","optional":true}},"description_kind":"plain"}},"checkpoint_management_application_site_category":{"version":0,"block":{"attributes":{"color":{"type":"string","description":"Color of the object. Should be one of existing colors.","description_kind":"plain","optional":true},"comments":{"type":"string","description":"Comments string.","description_kind":"plain","optional":true},"description":{"type":"string","description":"N/A","description_kind":"plain","optional":true},"id":{"type":"string","description_kind":"plain","optional":true,"computed":true},"ignore_errors":{"type":"bool","description":"Apply changes ignoring errors. You won't be able to publish such a changes. If ignore-warnings flag was omitted - warnings will also be ignored.","description_kind":"plain","optional":true},"ignore_warnings":{"type":"bool","description":"Apply changes ignoring warnings.","description_kind":"plain","optional":true},"name":{"type":"string","description":"Object name.","description_kind":"plain","required":true},"tags":{"type":["set","string"],"description":"Collection of tag identifiers.","description_kind":"plain","optional":true}},"description_kind":"plain"}},"checkpoint_management_application_site_group":{"version":0,"block":{"attributes":{"color":{"type":"string","description":"Color of the object. Should be one of existing colors.","description_kind":"plain","optional":true},"comments":{"type":"string","description":"Comments string.","description_kind":"plain","optional":true},"id":{"type":"string","description_kind":"plain","optional":true,"computed":true},"ignore_errors":{"type":"bool","description":"Apply changes ignoring errors. You won't be able to publish such a changes. If ignore-warnings flag was omitted - warnings will also be ignored.","description_kind":"plain","optional":true},"ignore_warnings":{"type":"bool","description":"Apply changes ignoring warnings.","description_kind":"plain","optional":true},"members":{"type":["set","string"],"description":"Collection of application and URL filtering objects identified by the name or UID.","description_kind":"plain","optional":true},"name":{"type":"string","description":"Object name.","description_kind":"plain","required":true},"tags":{"type":["set","string"],"description":"Collection of tag identifiers.","description_kind":"plain","optional":true}},"description_kind":"plain"}},"checkpoint_management_assign_global_assignment":{"version":0,"block":{"attributes":{"dependent_domains":{"type":["set","string"],"description":"N/A","description_kind":"plain","optional":true},"global_domains":{"type":["set","string"],"description":"N/A","description_kind":"plain","optional":true},"id":{"type":"string","description_kind":"plain","optional":true,"computed":true},"tasks":{"type":["set","string"],"description":"Command asynchronous task unique identifiers","description_kind":"plain","computed":true}},"description_kind":"plain"}},"checkpoint_management_backup_domain":{"version":0,"block":{"attributes":{"domain":{"type":"string","description":"Domain can be identified by name or UID.","description_kind":"plain","required":true},"file_path":{"type":"string","description":"Path in which the backup domain data will be saved. \u003cbr\u003eShould be the directory path or the full file path with \".tgz\" \u003cbr\u003eIf no path was inserted the default will be: \"/var/log/\u0026lt;domain name\u0026gt;_\u0026lt;date\u0026gt;.tgz\".","description_kind":"plain","optional":true},"id":{"type":"string","description_kind":"plain","optional":true,"computed":true},"task_id":{"type":"string","description":"Command asynchronous task unique identifier.","description_kind":"plain","computed":true}},"description_kind":"plain"}},"checkpoint_management_checkpoint_host":{"version":0,"block":{"attributes":{"color":{"type":"string","description":"Color of the object. Should be one of existing colors.","description_kind":"plain","optional":true},"comments":{"type":"string","description":"Comments string.","description_kind":"plain","optional":true},"hardware":{"type":"string","description":"Hardware name.","description_kind":"plain","optional":true},"id":{"type":"string","description_kind":"plain","optional":true,"computed":true},"ignore_errors":{"type":"bool","description":"Apply changes ignoring errors. You won't be able to publish such a changes. If ignore-warnings flag was omitted - warnings will also be ignored.","description_kind":"plain","optional":true},"ignore_warnings":{"type":"bool","description":"Apply changes ignoring warnings.","description_kind":"plain","optional":true},"ipv4_address":{"type":"string","description":"IPv4 address.","description_kind":"plain","optional":true},"ipv6_address":{"type":"string","description":"IPv6 address.","description_kind":"plain","optional":true},"logs_settings":{"type":["map","string"],"description":"Logs settings.","description_kind":"plain","optional":true},"management_blades":{"type":["map","string"],"description":"Management blades.","description_kind":"plain","optional":true},"name":{"type":"string","description":"Object name.","description_kind":"plain","required":true},"nat_settings":{"type":["map","string"],"description":"NAT settings.","description_kind":"plain","optional":true},"one_time_password":{"type":"string","description":"Secure internal connection one time password.","description_kind":"plain","optional":true},"os":{"type":"string","description":"Operating system name.","description_kind":"plain","optional":true},"save_logs_locally":{"type":"bool","description":"Enable save logs locally.","description_kind":"plain","optional":true},"send_alerts_to_server":{"type":["set","string"],"description":"Collection of Server(s) to send alerts to identified by the name or UID.","description_kind":"plain","optional":true},"send_logs_to_backup_server":{"type":["set","string"],"description":"Collection of Backup server(s) to send logs to identified by the name or UID.","description_kind":"plain","optional":true},"send_logs_to_server":{"type":["set","string"],"description":"Collection of Server(s) to send logs to identified by the name or UID.","description_kind":"plain","optional":true},"sic_name":{"type":"string","description":"Name of the Secure Internal Connection Trust.","description_kind":"plain","computed":true},"sic_state":{"type":"string","description":"State the Secure Internal Connection Trust.","description_kind":"plain","computed":true},"tags":{"type":["set","string"],"description":"Collection of tag identifiers.","description_kind":"plain","optional":true},"version":{"type":"string","description":"Checkpoint host platform version.","description_kind":"plain","optional":true}},"block_types":{"interfaces":{"nesting_mode":"list","block":{"attributes":{"color":{"type":"string","description":"Color of the object. Should be one of existing colors.","description_kind":"plain","optional":true},"comments":{"type":"string","description":"Comments string.","description_kind":"plain","optional":true},"ignore_errors":{"type":"bool","description":"Apply changes ignoring errors. You won't be able to publish such a changes. If ignore-warnings flag was omitted - warnings will also be ignored.","description_kind":"plain","optional":true},"ignore_warnings":{"type":"bool","description":"Apply changes ignoring warnings.","description_kind":"plain","optional":true},"mask_length4":{"type":"number","description":"IPv4 network mask length.","description_kind":"plain","optional":true},"mask_length6":{"type":"number","description":"IPv6 network mask length.","description_kind":"plain","optional":true},"name":{"type":"string","description":"Interface name.","description_kind":"plain","optional":true},"subnet4":{"type":"string","description":"IPv4 network address.","description_kind":"plain","optional":true},"subnet6":{"type":"string","description":"IPv6 network address.","description_kind":"plain","optional":true},"subnet_mask":{"type":"string","description":"IPv4 network mask.","description_kind":"plain","optional":true}},"description_kind":"plain"}}},"description_kind":"plain"}},"checkpoint_management_delete_api_key":{"version":0,"block":{"attributes":{"admin_name":{"type":"string","description":"Administrator name to generate API key for.","description_kind":"plain","optional":true},"admin_uid":{"type":"string","description":"Administrator uid to generate API key for.","description_kind":"plain","optional":true},"api_key":{"type":"string","description":"API key to be deleted.","description_kind":"plain","optional":true},"id":{"type":"string","description_kind":"plain","optional":true,"computed":true}},"description_kind":"plain"}},"checkpoint_management_delete_data_center_object":{"version":0,"block":{"attributes":{"id":{"type":"string","description_kind":"plain","optional":true,"computed":true},"ignore_errors":{"type":"bool","description":"Apply changes ignoring errors. You won't be able to publish such a changes. If ignore-warnings flag was omitted - warnings will also be ignored.","description_kind":"plain","optional":true},"ignore_warnings":{"type":"bool","description":"Apply changes ignoring warnings.","description_kind":"plain","optional":true},"name":{"type":"string","description":"Object name.","description_kind":"plain","required":true}},"description_kind":"plain"}},"checkpoint_management_delete_threat_protections":{"version":0,"block":{"attributes":{"id":{"type":"string","description_kind":"plain","optional":true,"computed":true},"package_format":{"type":"string","description":"Protections package format.","description_kind":"plain","optional":true},"task_id":{"type":"string","description":"Command asynchronous task unique identifier.","description_kind":"plain","computed":true}},"description_kind":"plain"}},"checkpoint_management_delete_updatable_object":{"version":0,"block":{"attributes":{"id":{"type":"string","description_kind":"plain","optional":true,"computed":true},"ignore_errors":{"type":"bool","description":"Apply changes ignoring errors. You won't be able to publish such a changes. If ignore-warnings flag was omitted - warnings will also be ignored.","description_kind":"plain","optional":true},"ignore_warnings":{"type":"bool","description":"Apply changes ignoring warnings.","description_kind":"plain","optional":true},"name":{"type":"string","description":"Object name.","description_kind":"plain","required":true}},"description_kind":"plain"}},"checkpoint_management_discard":{"version":0,"block":{"attributes":{"id":{"type":"string","description_kind":"plain","optional":true,"computed":true}},"description_kind":"plain"}},"checkpoint_management_disconnect":{"version":0,"block":{"attributes":{"discard":{"type":"bool","description":"Discard all changes committed during the session.","description_kind":"plain","optional":true},"id":{"type":"string","description_kind":"plain","optional":true,"computed":true}},"description_kind":"plain"}},"checkpoint_management_dns_domain":{"version":0,"block":{"attributes":{"color":{"type":"string","description":"Color of the object. Should be one of existing colors.","description_kind":"plain","optional":true},"comments":{"type":"string","description":"Comments string.","description_kind":"plain","optional":true},"id":{"type":"string","description_kind":"plain","optional":true,"computed":true},"ignore_errors":{"type":"bool","description":"Apply changes ignoring errors. You won't be able to publish such a changes. If ignore-warnings flag was omitted - warnings will also be ignored.","description_kind":"plain","optional":true},"ignore_warnings":{"type":"bool","description":"Apply changes ignoring warnings.","description_kind":"plain","optional":true},"is_sub_domain":{"type":"bool","description":"Whether to match sub-domains in addition to the domain itself.","description_kind":"plain","optional":true},"name":{"type":"string","description":"Object name.","description_kind":"plain","required":true},"tags":{"type":["set","string"],"description":"Collection of tag identifiers.","description_kind":"plain","optional":true}},"description_kind":"plain"}},"checkpoint_management_dynamic_object":{"version":0,"block":{"attributes":{"color":{"type":"string","description":"Color of the object. Should be one of existing colors.","description_kind":"plain","optional":true},"comments":{"type":"string","description":"Comments string.","description_kind":"plain","optional":true},"id":{"type":"string","description_kind":"plain","optional":true,"computed":true},"ignore_errors":{"type":"bool","description":"Apply changes ignoring errors. You won't be able to publish such a changes. If ignore-warnings flag was omitted - warnings will also be ignored.","description_kind":"plain","optional":true},"ignore_warnings":{"type":"bool","description":"Apply changes ignoring warnings.","description_kind":"plain","optional":true},"name":{"type":"string","description":"Object name.","description_kind":"plain","required":true},"tags":{"type":["set","string"],"description":"Collection of tag identifiers.","description_kind":"plain","optional":true}},"description_kind":"plain"}},"checkpoint_management_exception_group":{"version":0,"block":{"attributes":{"applied_profile":{"type":"string","description":"The threat profile to apply this group to in the case of apply-on threat-rules-with-specific-profile.","description_kind":"plain","optional":true},"apply_on":{"type":"string","description":"An exception group can be set to apply on all threat rules, all threat rules which have a specific profile, or those rules manually chosen by the user.","description_kind":"plain","optional":true},"color":{"type":"string","description":"Color of the object. Should be one of existing colors.","description_kind":"plain","optional":true},"comments":{"type":"string","description":"Comments string.","description_kind":"plain","optional":true},"id":{"type":"string","description_kind":"plain","optional":true,"computed":true},"ignore_errors":{"type":"bool","description":"Apply changes ignoring errors. You won't be able to publish such a changes. If ignore-warnings flag was omitted - warnings will also be ignored.","description_kind":"plain","optional":true},"ignore_warnings":{"type":"bool","description":"Apply changes ignoring warnings.","description_kind":"plain","optional":true},"name":{"type":"string","description":"Object name.","description_kind":"plain","required":true},"tags":{"type":["set","string"],"description":"Collection of tag identifiers.","description_kind":"plain","optional":true}},"block_types":{"applied_threat_rules":{"nesting_mode":"list","block":{"attributes":{"layer":{"type":"string","description":"The layer of the threat rule to which the group is to be attached.","description_kind":"plain","optional":true},"name":{"type":"string","description":"The name of the threat rule to which the group is to be attached.","description_kind":"plain","optional":true},"position":{"type":["map","string"],"description":"Position in the rulebase.","description_kind":"plain","required":true}},"description_kind":"plain"}}},"description_kind":"plain"}},"checkpoint_management_export":{"version":0,"block":{"attributes":{"exclude_classes":{"type":["set","string"],"description":"N/A","description_kind":"plain","optional":true},"exclude_topics":{"type":["set","string"],"description":"N/A","description_kind":"plain","optional":true},"export_files_by_class":{"type":"bool","description":"N/A","description_kind":"plain","optional":true},"id":{"type":"string","description_kind":"plain","optional":true,"computed":true},"include_classes":{"type":["set","string"],"description":"N/A","description_kind":"plain","optional":true},"include_topics":{"type":["set","string"],"description":"N/A","description_kind":"plain","optional":true},"query_limit":{"type":"number","description":"N/A","description_kind":"plain","optional":true},"task_id":{"type":"string","description":"Command asynchronous task unique identifier.","description_kind":"plain","computed":true}},"description_kind":"plain"}},"checkpoint_management_generic_data_center_server":{"version":0,"block":{"attributes":{"color":{"type":"string","description":"Color of the object. Should be one of existing colors.","description_kind":"plain","optional":true},"comments":{"type":"string","description":"Comments string.","description_kind":"plain","optional":true},"custom_header":{"type":"bool","description":"When set to false, The admin is not using Key and Value for a Custom Header in order to connect to the feed server.\n\nWhen set to true, The admin is using Key and Value for a Custom Header in order to connect to the feed server.","description_kind":"plain","optional":true},"custom_key":{"type":"string","description":"Key for the Custom Header, relevant and required only when custom_header set to true.","description_kind":"plain","optional":true},"custom_value":{"type":"string","description":"Value for the Custom Header, relevant and required only when custom_header set to true.","description_kind":"plain","optional":true},"id":{"type":"string","description_kind":"plain","optional":true,"computed":true},"ignore_errors":{"type":"bool","description":"Apply changes ignoring errors. You won't be able to publish such a changes. If ignore-warnings flag was omitted - warnings will also be ignored.","description_kind":"plain","optional":true},"ignore_warnings":{"type":"bool","description":"Apply changes ignoring warnings. By Setting this parameter to 'true' test connection failure will be ignored.","description_kind":"plain","optional":true},"interval":{"type":"string","description":"Update interval of the feed in seconds.","description_kind":"plain","required":true},"name":{"type":"string","description":"Object name. Must be unique in the domain.","description_kind":"plain","required":true},"tags":{"type":["set","string"],"description":"Collection of tag identifiers.","description_kind":"plain","optional":true},"url":{"type":"string","description":"URL of the JSON feed (e.g. https://example.com/file.json).","description_kind":"plain","required":true}},"description_kind":"plain"}},"checkpoint_management_get_attachment":{"version":0,"block":{"attributes":{"attachment_id":{"type":"string","description":"Attachment identifier from a log record.","description_kind":"plain","optional":true},"id":{"type":"string","description_kind":"plain","optional":true,"computed":true},"task_id":{"type":"string","description":"Command asynchronous task unique identifier.","description_kind":"plain","computed":true},"uid":{"type":"string","description":"Log uid from a log record.","description_kind":"plain","optional":true}},"description_kind":"plain"}},"checkpoint_management_group":{"version":0,"block":{"attributes":{"color":{"type":"string","description":"Color of the object. Should be one of existing colors.","description_kind":"plain","optional":true},"comments":{"type":"string","description":"Comments string.","description_kind":"plain","optional":true},"id":{"type":"string","description_kind":"plain","optional":true,"computed":true},"ignore_errors":{"type":"bool","description":"Apply changes ignoring errors. You won't be able to publish such a changes. If ignore-warnings flag was omitted - warnings will also be ignored.","description_kind":"plain","optional":true},"ignore_warnings":{"type":"bool","description":"Apply changes ignoring warnings.","description_kind":"plain","optional":true},"members":{"type":["set","string"],"description":"Collection of Network objects identified by the name or UID.","description_kind":"plain","optional":true},"name":{"type":"string","description":"Object name. Should be unique in the domain.","description_kind":"plain","required":true},"tags":{"type":["set","string"],"description":"Collection of tag identifiers.","description_kind":"plain","optional":true}},"description_kind":"plain"}},"checkpoint_management_group_with_exclusion":{"version":0,"block":{"attributes":{"color":{"type":"string","description":"Color of the object. Should be one of existing colors.","description_kind":"plain","optional":true},"comments":{"type":"string","description":"Comments string.","description_kind":"plain","optional":true},"except":{"type":"string","description":"Name or UID of an object which the group excludes.","description_kind":"plain","optional":true},"id":{"type":"string","description_kind":"plain","optional":true,"computed":true},"ignore_errors":{"type":"bool","description":"Apply changes ignoring errors. You won't be able to publish such a changes. If ignore-warnings flag was omitted - warnings will also be ignored.","description_kind":"plain","optional":true},"ignore_warnings":{"type":"bool","description":"Apply changes ignoring warnings.","description_kind":"plain","optional":true},"include":{"type":"string","description":"Name or UID of an object which the group includes.","description_kind":"plain","optional":true},"name":{"type":"string","description":"Object name.","description_kind":"plain","required":true},"tags":{"type":["set","string"],"description":"Collection of tag identifiers.","description_kind":"plain","optional":true}},"description_kind":"plain"}},"checkpoint_management_gsn_handover_group":{"version":0,"block":{"attributes":{"color":{"type":"string","description":"Color of the object. Should be one of existing colors.","description_kind":"plain","optional":true},"comments":{"type":"string","description":"Comments string.","description_kind":"plain","optional":true},"enforce_gtp":{"type":"bool","description":"Enable enforce GTP signal packet rate limit from this group.","description_kind":"plain","optional":true},"gtp_rate":{"type":"number","description":"Limit of the GTP rate in PDU/sec.","description_kind":"plain","optional":true},"id":{"type":"string","description_kind":"plain","optional":true,"computed":true},"ignore_errors":{"type":"bool","description":"Apply changes ignoring errors. You won't be able to publish such a changes. If ignore-warnings flag was omitted - warnings will also be ignored.","description_kind":"plain","optional":true},"ignore_warnings":{"type":"bool","description":"Apply changes ignoring warnings.","description_kind":"plain","optional":true},"members":{"type":["set","string"],"description":"Collection of GSN handover group members identified by the name or UID.","description_kind":"plain","optional":true},"name":{"type":"string","description":"Object name.","description_kind":"plain","required":true},"tags":{"type":["set","string"],"description":"Collection of tag identifiers.","description_kind":"plain","optional":true}},"description_kind":"plain"}},"checkpoint_management_ha_full_sync":{"version":0,"block":{"attributes":{"id":{"type":"string","description_kind":"plain","optional":true,"computed":true},"name":{"type":"string","description":"Peer name (Multi Domain Server, Domain Server or Security Management Server).","description_kind":"plain","optional":true},"task_id":{"type":"string","description":"Command asynchronous task unique identifier.","description_kind":"plain","computed":true},"uid":{"type":"string","description":"Peer unique identifier (Multi Domain Server, Domain Server or Security Management Server).","description_kind":"plain","optional":true}},"description_kind":"plain"}},"checkpoint_management_host":{"version":0,"block":{"attributes":{"color":{"type":"string","description":"Color of the object. Should be one of existing colors.","description_kind":"plain","optional":true},"comments":{"type":"string","description":"Comments string.","description_kind":"plain","optional":true},"id":{"type":"string","description_kind":"plain","optional":true,"computed":true},"ignore_errors":{"type":"bool","description":"Apply changes ignoring errors. You won't be able to publish such a changes. If ignore-warnings flag was omitted - warnings will also be ignored.","description_kind":"plain","optional":true},"ignore_warnings":{"type":"bool","description":"Apply changes ignoring warnings.","description_kind":"plain","optional":true},"ipv4_address":{"type":"string","description":"IPv4 address.","description_kind":"plain","optional":true},"ipv6_address":{"type":"string","description":"IPv6 address.","description_kind":"plain","optional":true},"name":{"type":"string","description":"Object name. Should be unique in the domain.","description_kind":"plain","required":true},"nat_settings":{"type":["map","string"],"description":"NAT settings.","description_kind":"plain","optional":true},"tags":{"type":["set","string"],"description":"Collection of tag identifiers.","description_kind":"plain","optional":true}},"block_types":{"host_servers":{"nesting_mode":"list","block":{"attributes":{"dns_server":{"type":"bool","description":"Gets True if this server is a DNS Server.","description_kind":"plain","optional":true},"mail_server":{"type":"bool","description":"Gets True if this server is a Mail Server.","description_kind":"plain","optional":true},"web_server":{"type":"bool","description":"Gets True if this server is a Web Server.","description_kind":"plain","optional":true}},"block_types":{"web_server_config":{"nesting_mode":"list","block":{"attributes":{"additional_ports":{"type":["set","string"],"description":"Server additional ports.","description_kind":"plain","optional":true},"application_engines":{"type":["set","string"],"description":"Application engines of this web server.","description_kind":"plain","optional":true},"listen_standard_port":{"type":"bool","description":"Whether server listens to standard port.","description_kind":"plain","optional":true},"operating_system":{"type":"string","description":"Operating System.","description_kind":"plain","optional":true},"protected_by":{"type":"string","description":"Network object which protects this server identified by the name or UID.","description_kind":"plain","optional":true}},"description_kind":"plain"},"max_items":1}},"description_kind":"plain"},"max_items":1},"interfaces":{"nesting_mode":"list","block":{"attributes":{"color":{"type":"string","description":"Color of the object. Should be one of existing colors.","description_kind":"plain","optional":true},"comments":{"type":"string","description":"Comments string.","description_kind":"plain","optional":true},"ignore_errors":{"type":"bool","description":"Apply changes ignoring errors. You won't be able to publish such a changes. If ignore-warnings flag was omitted - warnings will also be ignored.","description_kind":"plain","optional":true},"ignore_warnings":{"type":"bool","description":"Apply changes ignoring warnings.","description_kind":"plain","optional":true},"mask_length4":{"type":"number","description":"IPv4 network mask length.","description_kind":"plain","optional":true},"mask_length6":{"type":"number","description":"IPv6 network mask length.","description_kind":"plain","optional":true},"name":{"type":"string","description":"Object name. Should be unique in the domain.","description_kind":"plain","optional":true},"subnet4":{"type":"string","description":"IPv4 network address.","description_kind":"plain","optional":true},"subnet6":{"type":"string","description":"IPv6 network address.","description_kind":"plain","optional":true}},"description_kind":"plain"}}},"description_kind":"plain"}},"checkpoint_management_https_layer":{"version":0,"block":{"attributes":{"color":{"type":"string","description":"Color of the object. Should be one of existing colors.","description_kind":"plain","optional":true},"comments":{"type":"string","description":"Comments string.","description_kind":"plain","optional":true},"id":{"type":"string","description_kind":"plain","optional":true,"computed":true},"ignore_errors":{"type":"bool","description":"Apply changes ignoring errors. You won't be able to publish such a changes. If ignore-warnings flag was omitted - warnings will also be ignored.","description_kind":"plain","optional":true},"ignore_warnings":{"type":"bool","description":"Apply changes ignoring warnings.","description_kind":"plain","optional":true},"name":{"type":"string","description":"Object name.","description_kind":"plain","required":true},"shared":{"type":"bool","description":"Define the Layer as Shared (TRUE/FALSE).","description_kind":"plain","optional":true},"tags":{"type":["set","string"],"description":"Collection of tag identifiers.","description_kind":"plain","optional":true}},"description_kind":"plain"}},"checkpoint_management_https_rule":{"version":0,"block":{"attributes":{"action":{"type":"string","description":"Rule inspect level. \"Bypass\" or \"Inspect\".","description_kind":"plain","optional":true},"blade":{"type":["set","string"],"description":"Blades for HTTPS Inspection. Identified by Name or UID to enable the inspection for. \"Anti Bot\",\"Anti Virus\",\"Application Control\",\"Data Awareness\",\"DLP\",\"IPS\",\"Threat Emulation\",\"Url Filtering\".","description_kind":"plain","optional":true},"certificate":{"type":"string","description":"Internal Server Certificate identified by Name or UID, otherwise, \"Outbound Certificate\" is a default value.","description_kind":"plain","optional":true},"comments":{"type":"string","description":"Comments string.","description_kind":"plain","optional":true},"destination":{"type":["set","string"],"description":"Collection of Network objects identified by Name or UID that represents connection destination.","description_kind":"plain","optional":true},"destination_negate":{"type":"bool","description":"TRUE if \"negate\" value is set for Destination.","description_kind":"plain","optional":true},"enabled":{"type":"bool","description":"Enable/Disable the rule.","description_kind":"plain","optional":true},"id":{"type":"string","description_kind":"plain","optional":true,"computed":true},"ignore_errors":{"type":"bool","description":"Apply changes ignoring errors. You won't be able to publish such a changes. If ignore-warnings flag was omitted - warnings will also be ignored.","description_kind":"plain","optional":true},"ignore_warnings":{"type":"bool","description":"Apply changes ignoring warnings.","description_kind":"plain","optional":true},"install_on":{"type":["set","string"],"description":"Which Gateways identified by the name or UID to install the policy on.","description_kind":"plain","optional":true},"layer":{"type":"string","description":"Layer that holds the Object. Identified by the Name or UID.","description_kind":"plain","required":true},"name":{"type":"string","description":"HTTPS rule name.","description_kind":"plain","optional":true},"position":{"type":["map","string"],"description":"Position in the rulebase.","description_kind":"plain","required":true},"service":{"type":["set","string"],"description":"Collection of Network objects identified by Name or UID that represents connection service.","description_kind":"plain","optional":true},"service_negate":{"type":"bool","description":"TRUE if \"negate\" value is set for Service.","description_kind":"plain","optional":true},"site_category":{"type":["set","string"],"description":"Collection of Site Categories objects identified by the name or UID.","description_kind":"plain","optional":true},"site_category_negate":{"type":"bool","description":"TRUE if \"negate\" value is set for Site Category.","description_kind":"plain","optional":true},"source":{"type":["set","string"],"description":"Collection of Network objects identified by Name or UID that represents connection source.","description_kind":"plain","optional":true},"source_negate":{"type":"bool","description":"TRUE if \"negate\" value is set for Source.","description_kind":"plain","optional":true},"track":{"type":"string","description":"\"None\",\"Log\",\"Alert\",\"Mail\",\"SNMP trap\",\"Mail\",\"User Alert\", \"User Alert 2\", \"User Alert 3\".","description_kind":"plain","optional":true}},"description_kind":"plain"}},"checkpoint_management_https_section":{"version":0,"block":{"attributes":{"id":{"type":"string","description_kind":"plain","optional":true,"computed":true},"ignore_errors":{"type":"bool","description":"Apply changes ignoring errors. You won't be able to publish such a changes. If ignore-warnings flag was omitted - warnings will also be ignored.","description_kind":"plain","optional":true},"ignore_warnings":{"type":"bool","description":"Apply changes ignoring warnings.","description_kind":"plain","optional":true},"layer":{"type":"string","description":"Layer that holds the Object. Identified by the Name or UID.","description_kind":"plain","required":true},"name":{"type":"string","description":"Object name.","description_kind":"plain","required":true},"position":{"type":["map","string"],"description":"Position in the rulebase.","description_kind":"plain","required":true}},"description_kind":"plain"}},"checkpoint_management_identity_tag":{"version":0,"block":{"attributes":{"color":{"type":"string","description":"Color of the object. Should be one of existing colors.","description_kind":"plain","optional":true},"comments":{"type":"string","description":"Comments string.","description_kind":"plain","optional":true},"external_identifier":{"type":"string","description":"External identifier. For example: Cisco ISE security group tag.","description_kind":"plain","optional":true},"id":{"type":"string","description_kind":"plain","optional":true,"computed":true},"ignore_errors":{"type":"bool","description":"Apply changes ignoring errors. You won't be able to publish such a changes. If ignore-warnings flag was omitted - warnings will also be ignored.","description_kind":"plain","optional":true},"ignore_warnings":{"type":"bool","description":"Apply changes ignoring warnings.","description_kind":"plain","optional":true},"name":{"type":"string","description":"Object name.","description_kind":"plain","required":true},"tags":{"type":["set","string"],"description":"Collection of tag identifiers.","description_kind":"plain","optional":true}},"description_kind":"plain"}},"checkpoint_management_install_database":{"version":0,"block":{"attributes":{"id":{"type":"string","description_kind":"plain","optional":true,"computed":true},"targets":{"type":["set","string"],"description":"Check Point host(s) with one or more Management Software Blades enabled. The targets can be identified by their name or unique identifier.","description_kind":"plain","required":true},"tasks":{"type":["set","string"],"description":"Command asynchronous task unique identifiers","description_kind":"plain","computed":true}},"description_kind":"plain"}},"checkpoint_management_install_policy":{"version":0,"block":{"attributes":{"access":{"type":"bool","description":"Set to be true in order to install the Access Control policy. By default, the value is true if Access Control policy is enabled on the input policy package, otherwise false.","description_kind":"plain","optional":true},"desktop_security":{"type":"bool","description":"Set to be true in order to install the Desktop Security policy. By default, the value is true if desktop security policy is enabled on the input policy package, otherwise false.","description_kind":"plain","optional":true},"id":{"type":"string","description_kind":"plain","optional":true,"computed":true},"install_on_all_cluster_members_or_fail":{"type":"bool","description":"Relevant for the gateway clusters. If true, the policy is installed on all the cluster members. If the installation on a cluster member fails, don't install on that cluster.","description_kind":"plain","optional":true},"policy_package":{"type":"string","description":"The name of the Policy Package to be installed.","description_kind":"plain","required":true},"prepare_only":{"type":"bool","description":"If true, prepares the policy for the installation, but doesn't install it on an installation target.","description_kind":"plain","optional":true},"qos":{"type":"bool","description":"Set to be true in order to install the QoS policy. By default, the value is true if Quality-of-Service policy is enabled on the input policy package, otherwise false.","description_kind":"plain","optional":true},"revision":{"type":"string","description":"The UID of the revision of the policy to install.","description_kind":"plain","optional":true},"targets":{"type":["set","string"],"description":"On what targets to execute this command. Targets may be identified by their name, or object unique identifier.","description_kind":"plain","required":true},"task_id":{"type":"string","description":"Command asynchronous task unique identifier.","description_kind":"plain","computed":true},"threat_prevention":{"type":"bool","description":"Set to be true in order to install the Threat Prevention policy. By default, the value is true if Threat Prevention policy is enabled on the input policy package, otherwise false.","description_kind":"plain","optional":true},"triggers":{"type":["set","string"],"description":"Triggers a install-policy if there are any changes to objects in this list.","description_kind":"plain","optional":true}},"description_kind":"plain"}},"checkpoint_management_install_software_package":{"version":0,"block":{"attributes":{"cluster_installation_settings":{"type":["map","string"],"description":"Installation settings for cluster.","description_kind":"plain","optional":true},"concurrency_limit":{"type":"number","description":"The number of targets, on which the same package is installed at the same time.","description_kind":"plain","optional":true},"id":{"type":"string","description_kind":"plain","optional":true,"computed":true},"name":{"type":"string","description":"The name of the software package.","description_kind":"plain","required":true},"targets":{"type":["set","string"],"description":"On what targets to execute this command. Targets may be identified by their name, or object unique identifier.","description_kind":"plain","required":true},"task_id":{"type":"string","description":"Command asynchronous task unique identifier.","description_kind":"plain","computed":true}},"description_kind":"plain"}},"checkpoint_management_keepalive":{"version":0,"block":{"attributes":{"id":{"type":"string","description_kind":"plain","optional":true,"computed":true}},"description_kind":"plain"}},"checkpoint_management_login":{"version":0,"block":{"attributes":{"continue_last_session":{"type":"bool","description":"When 'continue-last-session' is set to 'True', the new session would continue where the last session was stopped. This option is available when the administrator has only one session that can be continued. If there is more than one session, see 'switch-session' API.","description_kind":"plain","optional":true},"domain":{"type":"string","description":"Use domain to login to specific domain. Domain can be identified by name or UID.","description_kind":"plain","optional":true},"enter_last_published_session":{"type":"bool","description":"Login to the last published session. Such login is done with the Read Only permissions.","description_kind":"plain","optional":true},"id":{"type":"string","description_kind":"plain","optional":true,"computed":true},"password":{"type":"string","description":"Administrator password.","description_kind":"plain","required":true},"read_only":{"type":"bool","description":"Login with Read Only permissions. This parameter is not considered in case continue-last-session is true.","description_kind":"plain","optional":true},"session_comments":{"type":"string","description":"Session comments.","description_kind":"plain","optional":true},"session_description":{"type":"string","description":"Session description.","description_kind":"plain","optional":true},"session_name":{"type":"string","description":"Session unique name.","description_kind":"plain","optional":true},"session_timeout":{"type":"number","description":"Session expiration timeout in seconds. Default 600 seconds.","description_kind":"plain","optional":true},"user":{"type":"string","description":"Administrator user name.","description_kind":"plain","required":true}},"description_kind":"plain"}},"checkpoint_management_logout":{"version":0,"block":{"attributes":{"id":{"type":"string","description_kind":"plain","optional":true,"computed":true},"triggers":{"type":["set","string"],"description":"Triggers a logout if there are any changes to objects in this list.","description_kind":"plain","optional":true}},"description_kind":"plain"}},"checkpoint_management_mds":{"version":0,"block":{"attributes":{"color":{"type":"string","description":"Color of the object. Should be one of existing colors.","description_kind":"plain","optional":true},"comments":{"type":"string","description":"Comments string.","description_kind":"plain","optional":true},"domains":{"type":["set","string"],"description":"Collection of Domain objects identified by the name or UID.","description_kind":"plain","computed":true},"global_domains":{"type":["set","string"],"description":"Collection of Global domain objects identified by the name or UID.","description_kind":"plain","computed":true},"hardware":{"type":"string","description":"Hardware name. For example: Open server, Smart-1, Other.","description_kind":"plain","optional":true},"id":{"type":"string","description_kind":"plain","optional":true,"computed":true},"ignore_errors":{"type":"bool","description":"Apply changes ignoring errors. You won't be able to publish such a changes. If ignore-warnings flag was omitted - warnings will also be ignored.","description_kind":"plain","optional":true},"ignore_warnings":{"type":"bool","description":"Apply changes ignoring warnings.","description_kind":"plain","optional":true},"ip_pool_first":{"type":"string","description":"First IP address in the range.","description_kind":"plain","optional":true},"ip_pool_last":{"type":"string","description":"Last IP address in the range.","description_kind":"plain","optional":true},"ipv4_address":{"type":"string","description":"IPv4 address.","description_kind":"plain","optional":true},"ipv6_address":{"type":"string","description":"IPv6 address.","description_kind":"plain","optional":true},"name":{"type":"string","description":"Object name.","description_kind":"plain","required":true},"one_time_password":{"type":"string","description":"Secure internal connection one time password.","description_kind":"plain","optional":true},"os":{"type":"string","description":"Operating system name. For example: Gaia, Linux, SecurePlatform.","description_kind":"plain","optional":true},"server_type":{"type":"string","description":"Type of the management server.","description_kind":"plain","optional":true},"sic_name":{"type":"string","description":"Name of the Secure Internal Connection Trust.","description_kind":"plain","computed":true},"sic_state":{"type":"string","description":"State the Secure Internal Connection Trust.","description_kind":"plain","computed":true},"tags":{"type":["set","string"],"description":"Collection of tag identifiers.","description_kind":"plain","optional":true},"version":{"type":"string","description":"System version.","description_kind":"plain","optional":true}},"description_kind":"plain"}},"checkpoint_management_migrate_export_domain":{"version":0,"block":{"attributes":{"domain":{"type":"string","description":"Domain can be identified by name or UID.\u003cbr\u003e\u003cfont color=\"red\"\u003eRequired only for\u003c/font\u003e exporting domain from Multi-Domain Server.","description_kind":"plain","required":true},"file_path":{"type":"string","description":"Path in which the exported domain data will be saved. \u003cbr\u003eShould be the directory path or the full file path with \".tgz\" \u003cbr\u003eIf no path was inserted the default will be: \"/var/log/\u0026lt;domain name\u0026gt;_\u0026lt;date\u0026gt;.tgz\".","description_kind":"plain","optional":true},"id":{"type":"string","description_kind":"plain","optional":true,"computed":true},"include_logs":{"type":"bool","description":"Export logs.","description_kind":"plain","optional":true},"task_id":{"type":"string","description":"Command asynchronous task unique identifier.","description_kind":"plain","computed":true}},"description_kind":"plain"}},"checkpoint_management_migrate_import_domain":{"version":0,"block":{"attributes":{"domain_ip_address":{"type":"string","description":"IPv4 address.\u003cbr\u003e\u003cfont color=\"red\"\u003eRequired only for\u003c/font\u003e importing Security Management Server into Multi-Domain Server.","description_kind":"plain","required":true},"domain_name":{"type":"string","description":"Domain name. Should be unique in the MDS.\u003cbr\u003e\u003cfont color=\"red\"\u003eRequired only for\u003c/font\u003e importing Security Management Server into Multi-Domain Server.","description_kind":"plain","required":true},"domain_server_name":{"type":"string","description":"Multi Domain server name.\u003cbr\u003e\u003cfont color=\"red\"\u003eRequired only for\u003c/font\u003e importing Security Management Server into Multi-Domain Server.","description_kind":"plain","required":true},"file_path":{"type":"string","description":"Path to the exported file to be imported. \u003cbr\u003eShould be the full file path (example, \"/var/log/domain1_exported.tgz\").","description_kind":"plain","required":true},"id":{"type":"string","description_kind":"plain","optional":true,"computed":true},"include_logs":{"type":"bool","description":"Import logs from the input package.","description_kind":"plain","optional":true},"task_id":{"type":"string","description":"Command asynchronous task unique identifier.","description_kind":"plain","computed":true}},"description_kind":"plain"}},"checkpoint_management_multicast_address_range":{"version":0,"block":{"attributes":{"color":{"type":"string","description":"Color of the object. Should be one of existing colors.","description_kind":"plain","optional":true},"comments":{"type":"string","description":"Comments string.","description_kind":"plain","optional":true},"id":{"type":"string","description_kind":"plain","optional":true,"computed":true},"ignore_errors":{"type":"bool","description":"Apply changes ignoring errors. You won't be able to publish such a changes. If ignore-warnings flag was omitted - warnings will also be ignored.","description_kind":"plain","optional":true},"ignore_warnings":{"type":"bool","description":"Apply changes ignoring warnings.","description_kind":"plain","optional":true},"ipv4_address":{"type":"string","description":"IPv4 address.","description_kind":"plain","optional":true},"ipv4_address_first":{"type":"string","description":"First IPv4 address in the range.","description_kind":"plain","optional":true},"ipv4_address_last":{"type":"string","description":"Last IPv4 address in the range.","description_kind":"plain","optional":true},"ipv6_address":{"type":"string","description":"IPv6 address.","description_kind":"plain","optional":true},"ipv6_address_first":{"type":"string","description":"First IPv6 address in the range.","description_kind":"plain","optional":true},"ipv6_address_last":{"type":"string","description":"Last IPv6 address in the range.","description_kind":"plain","optional":true},"name":{"type":"string","description":"Object name.","description_kind":"plain","required":true},"tags":{"type":["set","string"],"description":"Collection of tag identifiers.","description_kind":"plain","optional":true}},"description_kind":"plain"}},"checkpoint_management_nat_rule":{"version":0,"block":{"attributes":{"auto_generated":{"type":"bool","description":"Auto generated.","description_kind":"plain","computed":true},"comments":{"type":"string","description":"Comments string.","description_kind":"plain","optional":true},"enabled":{"type":"bool","description":"Enable/Disable the rule.","description_kind":"plain","optional":true},"id":{"type":"string","description_kind":"plain","optional":true,"computed":true},"ignore_errors":{"type":"bool","description":"Apply changes ignoring errors. You won't be able to publish such a changes. If ignore-warnings flag was omitted - warnings will also be ignored.","description_kind":"plain","optional":true},"ignore_warnings":{"type":"bool","description":"Apply changes ignoring warnings.","description_kind":"plain","optional":true},"install_on":{"type":["set","string"],"description":"Which Gateways identified by the name or UID to install the policy on.","description_kind":"plain","optional":true},"method":{"type":"string","description":"Nat method.","description_kind":"plain","optional":true},"name":{"type":"string","description":"Rule name.","description_kind":"plain","optional":true},"original_destination":{"type":"string","description":"Original destination.","description_kind":"plain","optional":true},"original_service":{"type":"string","description":"Original service.","description_kind":"plain","optional":true},"original_source":{"type":"string","description":"Original source.","description_kind":"plain","optional":true},"package":{"type":"string","description":"Name of the package.","description_kind":"plain","required":true},"position":{"type":["map","string"],"description":"Position in the rulebase.","description_kind":"plain","required":true},"translated_destination":{"type":"string","description":"Translated destination.","description_kind":"plain","optional":true},"translated_service":{"type":"string","description":"Translated service.","description_kind":"plain","optional":true},"translated_source":{"type":"string","description":"Translated source.","description_kind":"plain","optional":true}},"description_kind":"plain"}},"checkpoint_management_nat_section":{"version":0,"block":{"attributes":{"id":{"type":"string","description_kind":"plain","optional":true,"computed":true},"ignore_errors":{"type":"bool","description":"Apply changes ignoring errors. You won't be able to publish such a changes. If ignore-warnings flag was omitted - warnings will also be ignored.","description_kind":"plain","optional":true},"ignore_warnings":{"type":"bool","description":"Apply changes ignoring warnings.","description_kind":"plain","optional":true},"name":{"type":"string","description":"Object name.","description_kind":"plain","optional":true},"package":{"type":"string","description":"Name of the package.","description_kind":"plain","required":true},"position":{"type":["map","string"],"description":"Position in the rulebase.","description_kind":"plain","required":true}},"description_kind":"plain"}},"checkpoint_management_network":{"version":0,"block":{"attributes":{"broadcast":{"type":"string","description":"Allow broadcast address inclusion.","description_kind":"plain","optional":true},"color":{"type":"string","description":"Color of the object. Should be one of existing colors.","description_kind":"plain","optional":true},"comments":{"type":"string","description":"Comments string.","description_kind":"plain","optional":true},"id":{"type":"string","description_kind":"plain","optional":true,"computed":true},"ignore_errors":{"type":"bool","description":"Apply changes ignoring errors. You won't be able to publish such a changes. If ignore-warnings flag was omitted - warnings will also be ignored.","description_kind":"plain","optional":true},"ignore_warnings":{"type":"bool","description":"Apply changes ignoring warnings.","description_kind":"plain","optional":true},"mask_length4":{"type":"number","description":"IPv4 network mask length.","description_kind":"plain","optional":true},"mask_length6":{"type":"number","description":"IPv6 network mask length.","description_kind":"plain","optional":true},"name":{"type":"string","description":"Object name. Should be unique in the domain.","description_kind":"plain","required":true},"nat_settings":{"type":["map","string"],"description":"NAT settings.","description_kind":"plain","optional":true},"subnet4":{"type":"string","description":"IPv4 network address.","description_kind":"plain","optional":true},"subnet6":{"type":"string","description":"IPv6 network address.","description_kind":"plain","optional":true},"tags":{"type":["set","string"],"description":"Collection of tag identifiers.","description_kind":"plain","optional":true}},"description_kind":"plain"}},"checkpoint_management_opsec_application":{"version":0,"block":{"attributes":{"color":{"type":"string","description":"Color of the object. Should be one of existing colors.","description_kind":"plain","optional":true},"comments":{"type":"string","description":"Comments string.","description_kind":"plain","optional":true},"cpmi":{"type":["map","string"],"description":"Used to setup the CPMI client entity.","description_kind":"plain","optional":true},"host":{"type":"string","description":"The host where the server is running. Pre-define the host as a network object.","description_kind":"plain","optional":true},"id":{"type":"string","description_kind":"plain","optional":true,"computed":true},"ignore_errors":{"type":"bool","description":"Apply changes ignoring errors. You won't be able to publish such a changes. If ignore-warnings flag was omitted - warnings will also be ignored.","description_kind":"plain","optional":true},"ignore_warnings":{"type":"bool","description":"Apply changes ignoring warnings.","description_kind":"plain","optional":true},"lea":{"type":["map","string"],"description":"Used to setup the LEA client entity.","description_kind":"plain","optional":true},"name":{"type":"string","description":"Object name.","description_kind":"plain","required":true},"one_time_password":{"type":"string","description":"A password required for establishing a Secure Internal Communication (SIC).","description_kind":"plain","optional":true},"tags":{"type":["set","string"],"description":"Collection of tag identifiers.","description_kind":"plain","optional":true}},"description_kind":"plain"}},"checkpoint_management_package":{"version":0,"block":{"attributes":{"access":{"type":"bool","description":"True - enables, False - disables access \u0026 NAT policies, empty - nothing is changed.","description_kind":"plain","optional":true},"color":{"type":"string","description":"Color of the object. Should be one of existing colors.","description_kind":"plain","optional":true},"comments":{"type":"string","description":"Comments string.","description_kind":"plain","optional":true},"desktop_security":{"type":"bool","description":"True - enables, False - disables Desktop security policy, empty - nothing is changed.","description_kind":"plain","optional":true},"id":{"type":"string","description_kind":"plain","optional":true,"computed":true},"ignore_errors":{"type":"bool","description":"Apply changes ignoring errors. You won't be able to publish such a changes. If ignore-warnings flag was omitted - warnings will also be ignored.","description_kind":"plain","optional":true},"ignore_warnings":{"type":"bool","description":"Apply changes ignoring warnings.","description_kind":"plain","optional":true},"installation_targets":{"type":["set","string"],"description":"Which Gateways identified by the name or UID to install the policy on.","description_kind":"plain","optional":true},"name":{"type":"string","description":"Object name. Should be unique in the domain.","description_kind":"plain","required":true},"qos":{"type":"bool","description":"True - enables, False - disables QoS policy, empty - nothing is changed.","description_kind":"plain","optional":true},"qos_policy_type":{"type":"string","description":"QoS policy type.","description_kind":"plain","optional":true},"tags":{"type":["set","string"],"description":"Collection of tag identifiers.","description_kind":"plain","optional":true},"threat_prevention":{"type":"bool","description":"True - enables, False - disables Threat policy, empty - nothing is changed.","description_kind":"plain","optional":true},"vpn_traditional_mode":{"type":"bool","description":"True - enables, False - disables VPN traditional mode, empty - nothing is changed.","description_kind":"plain","optional":true}},"description_kind":"plain"}},"checkpoint_management_publish":{"version":0,"block":{"attributes":{"id":{"type":"string","description_kind":"plain","optional":true,"computed":true},"task_id":{"type":"string","description":"Command asynchronous task unique identifier.","description_kind":"plain","computed":true},"triggers":{"type":["set","string"],"description":"Triggers a publish if there are any changes to objects in this list.","description_kind":"plain","optional":true},"uid":{"type":"string","description":"Session unique identifier. Specify it to publish a different session than the one you currently use.","description_kind":"plain","optional":true}},"description_kind":"plain"}},"checkpoint_management_put_file":{"version":0,"block":{"attributes":{"comments":{"type":"string","description":"Comments string.","description_kind":"plain","optional":true},"file_content":{"type":"string","description":"Text file content.","description_kind":"plain","optional":true},"file_name":{"type":"string","description":"Text file name.","description_kind":"plain","optional":true},"file_path":{"type":"string","description":"Text file target path.","description_kind":"plain","optional":true},"id":{"type":"string","description_kind":"plain","optional":true,"computed":true},"targets":{"type":["set","string"],"description":"On what targets to execute this command. Targets may be identified by their name, or object unique identifier.","description_kind":"plain","required":true},"tasks":{"type":["set","string"],"description":"Command asynchronous task unique identifiers","description_kind":"plain","computed":true}},"description_kind":"plain"}},"checkpoint_management_restore_domain":{"version":0,"block":{"attributes":{"domain_ip_address":{"type":"string","description":"IPv4 address.\u003cbr\u003e\u003cfont color=\"red\"\u003eRequired only for\u003c/font\u003e importing Security Management Server into Multi-Domain Server.","description_kind":"plain","required":true},"domain_name":{"type":"string","description":"Domain name. Should be unique in the MDS.\u003cbr\u003e\u003cfont color=\"red\"\u003eRequired only for\u003c/font\u003e importing Security Management Server into Multi-Domain Server.","description_kind":"plain","required":true},"domain_server_name":{"type":"string","description":"Multi Domain server name.\u003cbr\u003e\u003cfont color=\"red\"\u003eRequired only for\u003c/font\u003e importing Security Management Server into Multi-Domain Server.","description_kind":"plain","required":true},"file_path":{"type":"string","description":"Path to the backup file to be restored. \u003cbr\u003eShould be the full file path (example, \"/var/log/domain1_backup.tgz\").","description_kind":"plain","required":true},"id":{"type":"string","description_kind":"plain","optional":true,"computed":true},"task_id":{"type":"string","description":"Command asynchronous task unique identifier.","description_kind":"plain","computed":true},"verify_only":{"type":"bool","description":"If true, verify that the import operation is valid for this input file and this environment \u003cbr\u003eNote: Restore operation will not be executed.","description_kind":"plain","optional":true}},"description_kind":"plain"}},"checkpoint_management_revert_to_revision":{"version":0,"block":{"attributes":{"id":{"type":"string","description_kind":"plain","optional":true,"computed":true},"task_id":{"type":"string","description":"Command asynchronous task unique identifier.","description_kind":"plain","computed":true},"to_session":{"type":"string","description":"Session unique identifier. Specify the session  id you would like to revert your database to.","description_kind":"plain","optional":true}},"description_kind":"plain"}},"checkpoint_management_run_ips_update":{"version":0,"block":{"attributes":{"id":{"type":"string","description_kind":"plain","optional":true,"computed":true},"package_path":{"type":"string","description":"Offline update package path.","description_kind":"plain","optional":true},"task_id":{"type":"string","description":"Command asynchronous task unique identifier.","description_kind":"plain","computed":true}},"description_kind":"plain"}},"checkpoint_management_run_script":{"version":0,"block":{"attributes":{"args":{"type":"string","description":"Script arguments.","description_kind":"plain","optional":true},"comments":{"type":"string","description":"Comments string.","description_kind":"plain","optional":true},"id":{"type":"string","description_kind":"plain","optional":true,"computed":true},"script":{"type":"string","description":"Script body.","description_kind":"plain","required":true},"script_name":{"type":"string","description":"Script name.","description_kind":"plain","required":true},"targets":{"type":["set","string"],"description":"On what targets to execute this command. Targets may be identified by their name, or object unique identifier.","description_kind":"plain","required":true},"tasks":{"type":["set","string"],"description":"Command asynchronous task unique identifiers","description_kind":"plain","computed":true}},"description_kind":"plain"}},"checkpoint_management_run_threat_emulation_file_types_offline_update":{"version":0,"block":{"attributes":{"file_path":{"type":"string","description":"File path for offline update of Threat Emulation file types, the file path should be on the management machine.","description_kind":"plain","required":true},"file_raw_data":{"type":"string","description":"The contents of a file containing the Threat Emulation file types.","description_kind":"plain","required":true},"id":{"type":"string","description_kind":"plain","optional":true,"computed":true}},"description_kind":"plain"}},"checkpoint_management_security_zone":{"version":0,"block":{"attributes":{"color":{"type":"string","description":"Color of the object. Should be one of existing colors.","description_kind":"plain","optional":true},"comments":{"type":"string","description":"Comments string.","description_kind":"plain","optional":true},"id":{"type":"string","description_kind":"plain","optional":true,"computed":true},"ignore_errors":{"type":"bool","description":"Apply changes ignoring errors. You won't be able to publish such a changes. If ignore-warnings flag was omitted - warnings will also be ignored.","description_kind":"plain","optional":true},"ignore_warnings":{"type":"bool","description":"Apply changes ignoring warnings.","description_kind":"plain","optional":true},"name":{"type":"string","description":"Object name.","description_kind":"plain","required":true},"tags":{"type":["set","string"],"description":"Collection of tag identifiers.","description_kind":"plain","optional":true}},"description_kind":"plain"}},"checkpoint_management_service_citrix_tcp":{"version":0,"block":{"attributes":{"application":{"type":"string","description":"Citrix application name.","description_kind":"plain","optional":true},"color":{"type":"string","description":"Color of the object. Should be one of existing colors.","description_kind":"plain","optional":true},"comments":{"type":"string","description":"Comments string.","description_kind":"plain","optional":true},"id":{"type":"string","description_kind":"plain","optional":true,"computed":true},"ignore_errors":{"type":"bool","description":"Apply changes ignoring errors. You won't be able to publish such a changes. If ignore-warnings flag was omitted - warnings will also be ignored.","description_kind":"plain","optional":true},"ignore_warnings":{"type":"bool","description":"Apply changes ignoring warnings.","description_kind":"plain","optional":true},"name":{"type":"string","description":"Object name.","description_kind":"plain","required":true},"tags":{"type":["set","string"],"description":"Collection of tag identifiers.","description_kind":"plain","optional":true}},"description_kind":"plain"}},"checkpoint_management_service_compound_tcp":{"version":0,"block":{"attributes":{"color":{"type":"string","description":"Color of the object. Should be one of existing colors.","description_kind":"plain","optional":true},"comments":{"type":"string","description":"Comments string.","description_kind":"plain","optional":true},"compound_service":{"type":"string","description":"Compound service type.","description_kind":"plain","optional":true},"id":{"type":"string","description_kind":"plain","optional":true,"computed":true},"ignore_errors":{"type":"bool","description":"Apply changes ignoring errors. You won't be able to publish such a changes. If ignore-warnings flag was omitted - warnings will also be ignored.","description_kind":"plain","optional":true},"ignore_warnings":{"type":"bool","description":"Apply changes ignoring warnings.","description_kind":"plain","optional":true},"keep_connections_open_after_policy_installation":{"type":"bool","description":"Keep connections open after policy has been installed even if they are not allowed under the new policy. This overrides the settings in the Connection Persistence page. If you change this property, the change will not affect open connections, but only future connections.","description_kind":"plain","optional":true},"name":{"type":"string","description":"Object name.","description_kind":"plain","required":true},"tags":{"type":["set","string"],"description":"Collection of tag identifiers.","description_kind":"plain","optional":true}},"description_kind":"plain"}},"checkpoint_management_service_dce_rpc":{"version":0,"block":{"attributes":{"color":{"type":"string","description":"Color of the object. Should be one of existing colors.","description_kind":"plain","optional":true},"comments":{"type":"string","description":"Comments string.","description_kind":"plain","optional":true},"id":{"type":"string","description_kind":"plain","optional":true,"computed":true},"ignore_errors":{"type":"bool","description":"Apply changes ignoring errors. You won't be able to publish such a changes. If ignore-warnings flag was omitted - warnings will also be ignored.","description_kind":"plain","optional":true},"ignore_warnings":{"type":"bool","description":"Apply changes ignoring warnings.","description_kind":"plain","optional":true},"interface_uuid":{"type":"string","description":"Network interface UUID.","description_kind":"plain","optional":true},"keep_connections_open_after_policy_installation":{"type":"bool","description":"Keep connections open after policy has been installed even if they are not allowed under the new policy. This overrides the settings in the Connection Persistence page. If you change this property, the change will not affect open connections, but only future connections.","description_kind":"plain","optional":true},"name":{"type":"string","description":"Object name.","description_kind":"plain","required":true},"tags":{"type":["set","string"],"description":"Collection of tag identifiers.","description_kind":"plain","optional":true}},"description_kind":"plain"}},"checkpoint_management_service_group":{"version":0,"block":{"attributes":{"color":{"type":"string","description":"Color of the object. Should be one of existing colors.","description_kind":"plain","optional":true},"comments":{"type":"string","description":"Comments string.","description_kind":"plain","optional":true},"id":{"type":"string","description_kind":"plain","optional":true,"computed":true},"ignore_errors":{"type":"bool","description":"Apply changes ignoring errors. You won't be able to publish such a changes. If ignore-warnings flag was omitted - warnings will also be ignored.","description_kind":"plain","optional":true},"ignore_warnings":{"type":"bool","description":"Apply changes ignoring warnings.","description_kind":"plain","optional":true},"members":{"type":["set","string"],"description":"Collection of Network objects identified by the name or UID.","description_kind":"plain","optional":true},"name":{"type":"string","description":"Object name. Should be unique in the domain.","description_kind":"plain","required":true},"tags":{"type":["set","string"],"description":"Collection of tag identifiers.","description_kind":"plain","optional":true}},"description_kind":"plain"}},"checkpoint_management_service_icmp":{"version":0,"block":{"attributes":{"color":{"type":"string","description":"Color of the object. Should be one of existing colors.","description_kind":"plain","optional":true},"comments":{"type":"string","description":"Comments string.","description_kind":"plain","optional":true},"icmp_code":{"type":"number","description":"As listed in: \u003ca href=\"http://www.iana.org/assignments/icmp-parameters\" target=\"_blank\"\u003eRFC 792\u003c/a\u003e.","description_kind":"plain","optional":true},"icmp_type":{"type":"number","description":"As listed in: \u003ca href=\"http://www.iana.org/assignments/icmp-parameters\" target=\"_blank\"\u003eRFC 792\u003c/a\u003e.","description_kind":"plain","optional":true},"id":{"type":"string","description_kind":"plain","optional":true,"computed":true},"ignore_errors":{"type":"bool","description":"Apply changes ignoring errors. You won't be able to publish such a changes. If ignore-warnings flag was omitted - warnings will also be ignored.","description_kind":"plain","optional":true},"ignore_warnings":{"type":"bool","description":"Apply changes ignoring warnings.","description_kind":"plain","optional":true},"keep_connections_open_after_policy_installation":{"type":"bool","description":"Keep connections open after policy has been installed even if they are not allowed under the new policy. This overrides the settings in the Connection Persistence page. If you change this property, the change will not affect open connections, but only future connections.","description_kind":"plain","optional":true},"name":{"type":"string","description":"Object name.","description_kind":"plain","required":true},"tags":{"type":["set","string"],"description":"Collection of tag identifiers.","description_kind":"plain","optional":true}},"description_kind":"plain"}},"checkpoint_management_service_icmp6":{"version":0,"block":{"attributes":{"color":{"type":"string","description":"Color of the object. Should be one of existing colors.","description_kind":"plain","optional":true},"comments":{"type":"string","description":"Comments string.","description_kind":"plain","optional":true},"icmp_code":{"type":"number","description":"As listed in: \u003ca href=\"http://www.iana.org/assignments/icmp-parameters\" target=\"_blank\"\u003eRFC 792\u003c/a\u003e.","description_kind":"plain","optional":true},"icmp_type":{"type":"number","description":"As listed in: \u003ca href=\"http://www.iana.org/assignments/icmp-parameters\" target=\"_blank\"\u003eRFC 792\u003c/a\u003e.","description_kind":"plain","optional":true},"id":{"type":"string","description_kind":"plain","optional":true,"computed":true},"ignore_errors":{"type":"bool","description":"Apply changes ignoring errors. You won't be able to publish such a changes. If ignore-warnings flag was omitted - warnings will also be ignored.","description_kind":"plain","optional":true},"ignore_warnings":{"type":"bool","description":"Apply changes ignoring warnings.","description_kind":"plain","optional":true},"keep_connections_open_after_policy_installation":{"type":"bool","description":"Keep connections open after policy has been installed even if they are not allowed under the new policy. This overrides the settings in the Connection Persistence page. If you change this property, the change will not affect open connections, but only future connections.","description_kind":"plain","optional":true},"name":{"type":"string","description":"Object name.","description_kind":"plain","required":true},"tags":{"type":["set","string"],"description":"Collection of tag identifiers.","description_kind":"plain","optional":true}},"description_kind":"plain"}},"checkpoint_management_service_other":{"version":0,"block":{"attributes":{"accept_replies":{"type":"bool","description":"Specifies whether Other Service replies are to be accepted.","description_kind":"plain","optional":true},"action":{"type":"string","description":"Contains an INSPECT expression that defines the action to take if a rule containing this service is matched. Example: set r_mhandler \u0026open_ssl_handler sets a handler on the connection.","description_kind":"plain","optional":true},"aggressive_aging":{"type":["map","string"],"description":"Sets short (aggressive) timeouts for idle connections.","description_kind":"plain","optional":true},"color":{"type":"string","description":"Color of the object. Should be one of existing colors.","description_kind":"plain","optional":true},"comments":{"type":"string","description":"Comments string.","description_kind":"plain","optional":true},"id":{"type":"string","description_kind":"plain","optional":true,"computed":true},"ignore_errors":{"type":"bool","description":"Apply changes ignoring errors. You won't be able to publish such a changes. If ignore-warnings flag was omitted - warnings will also be ignored.","description_kind":"plain","optional":true},"ignore_warnings":{"type":"bool","description":"Apply changes ignoring warnings.","description_kind":"plain","optional":true},"ip_protocol":{"type":"number","description":"IP protocol number.","description_kind":"plain","optional":true},"keep_connections_open_after_policy_installation":{"type":"bool","description":"Keep connections open after policy has been installed even if they are not allowed under the new policy. This overrides the settings in the Connection Persistence page. If you change this property, the change will not affect open connections, but only future connections.","description_kind":"plain","optional":true},"match":{"type":"string","description":"Contains an INSPECT expression that defines the matching criteria. The connection is examined against the expression during the first packet. Example: tcp, dport = 21, direction = 0 matches incoming FTP control connections.","description_kind":"plain","optional":true},"match_for_any":{"type":"bool","description":"Indicates whether this service is used when 'Any' is set as the rule's service and there are several service objects with the same source port and protocol.","description_kind":"plain","optional":true},"name":{"type":"string","description":"Object name.","description_kind":"plain","required":true},"override_default_settings":{"type":"bool","description":"Indicates whether this service is a Data Domain service which has been overridden.","description_kind":"plain","optional":true},"session_timeout":{"type":"number","description":"Time (in seconds) before the session times out.","description_kind":"plain","optional":true},"sync_connections_on_cluster":{"type":"bool","description":"Enables state-synchronized High Availability or Load Sharing on a ClusterXL or OPSEC-certified cluster.","description_kind":"plain","optional":true},"tags":{"type":["set","string"],"description":"Collection of tag identifiers.","description_kind":"plain","optional":true},"use_default_session_timeout":{"type":"bool","description":"Use default virtual session timeout.","description_kind":"plain","optional":true}},"description_kind":"plain"}},"checkpoint_management_service_rpc":{"version":0,"block":{"attributes":{"color":{"type":"string","description":"Color of the object. Should be one of existing colors.","description_kind":"plain","optional":true},"comments":{"type":"string","description":"Comments string.","description_kind":"plain","optional":true},"id":{"type":"string","description_kind":"plain","optional":true,"computed":true},"ignore_errors":{"type":"bool","description":"Apply changes ignoring errors. You won't be able to publish such a changes. If ignore-warnings flag was omitted - warnings will also be ignored.","description_kind":"plain","optional":true},"ignore_warnings":{"type":"bool","description":"Apply changes ignoring warnings.","description_kind":"plain","optional":true},"keep_connections_open_after_policy_installation":{"type":"bool","description":"Keep connections open after policy has been installed even if they are not allowed under the new policy. This overrides the settings in the Connection Persistence page. If you change this property, the change will not affect open connections, but only future connections.","description_kind":"plain","optional":true},"name":{"type":"string","description":"Object name.","description_kind":"plain","required":true},"program_number":{"type":"number","description":"N/A","description_kind":"plain","optional":true},"tags":{"type":["set","string"],"description":"Collection of tag identifiers.","description_kind":"plain","optional":true}},"description_kind":"plain"}},"checkpoint_management_service_sctp":{"version":0,"block":{"attributes":{"aggressive_aging":{"type":["map","string"],"description":"Sets short (aggressive) timeouts for idle connections.","description_kind":"plain","optional":true},"color":{"type":"string","description":"Color of the object. Should be one of existing colors.","description_kind":"plain","optional":true},"comments":{"type":"string","description":"Comments string.","description_kind":"plain","optional":true},"id":{"type":"string","description_kind":"plain","optional":true,"computed":true},"ignore_errors":{"type":"bool","description":"Apply changes ignoring errors. You won't be able to publish such a changes. If ignore-warnings flag was omitted - warnings will also be ignored.","description_kind":"plain","optional":true},"ignore_warnings":{"type":"bool","description":"Apply changes ignoring warnings.","description_kind":"plain","optional":true},"keep_connections_open_after_policy_installation":{"type":"bool","description":"Keep connections open after policy has been installed even if they are not allowed under the new policy. This overrides the settings in the Connection Persistence page. If you change this property, the change will not affect open connections, but only future connections.","description_kind":"plain","optional":true},"match_for_any":{"type":"bool","description":"Indicates whether this service is used when 'Any' is set as the rule's service and there are several service objects with the same source port and protocol.","description_kind":"plain","optional":true},"name":{"type":"string","description":"Object name.","description_kind":"plain","required":true},"port":{"type":"string","description":"Port number. To specify a port range add a hyphen between the lowest and the highest port numbers, for example 44-45.","description_kind":"plain","optional":true},"session_timeout":{"type":"number","description":"Time (in seconds) before the session times out.","description_kind":"plain","optional":true},"source_port":{"type":"string","description":"Source port number. To specify a port range add a hyphen between the lowest and the highest port numbers, for example 44-45.","description_kind":"plain","optional":true},"sync_connections_on_cluster":{"type":"bool","description":"Enables state-synchronized High Availability or Load Sharing on a ClusterXL or OPSEC-certified cluster.","description_kind":"plain","optional":true},"tags":{"type":["set","string"],"description":"Collection of tag identifiers.","description_kind":"plain","optional":true},"use_default_session_timeout":{"type":"bool","description":"Use default virtual session timeout.","description_kind":"plain","optional":true}},"description_kind":"plain"}},"checkpoint_management_service_tcp":{"version":0,"block":{"attributes":{"aggressive_aging":{"type":["map","string"],"description":"Sets short (aggressive) timeouts for idle connections.","description_kind":"plain","optional":true},"color":{"type":"string","description":"Color of the object. Should be one of existing colors.","description_kind":"plain","optional":true},"comments":{"type":"string","description":"Comments string.","description_kind":"plain","optional":true},"id":{"type":"string","description_kind":"plain","optional":true,"computed":true},"ignore_errors":{"type":"bool","description":"Apply changes ignoring errors. You won't be able to publish such a changes. If ignore-warnings flag was omitted - warnings will also be ignored.","description_kind":"plain","optional":true},"ignore_warnings":{"type":"bool","description":"Apply changes ignoring warnings.","description_kind":"plain","optional":true},"keep_connections_open_after_policy_installation":{"type":"bool","description":"Keep connections open after policy has been installed even if they are not allowed under the new policy. This overrides the settings in the Connection Persistence page. If you change this property, the change will not affect open connections, but only future connections.","description_kind":"plain","optional":true},"match_by_protocol_signature":{"type":"bool","description":"A value of true enables matching by the selected protocol's signature - the signature identifies the protocol as genuine. Select this option to limit the port to the specified protocol. If the selected protocol does not support matching by signature, this field cannot be set to true.","description_kind":"plain","optional":true},"match_for_any":{"type":"bool","description":"Indicates whether this service is used when 'Any' is set as the rule's service and there are several service objects with the same source port and protocol.","description_kind":"plain","optional":true},"name":{"type":"string","description":"Object name. Should be unique in the domain.","description_kind":"plain","required":true},"override_default_settings":{"type":"bool","description":"Indicates whether this service is a Data Domain service which has been overridden.","description_kind":"plain","optional":true},"port":{"type":"string","description":"The number of the port used to provide this service. To specify a port range, place a hyphen between the lowest and highest port numbers, for example 44-55.","description_kind":"plain","optional":true},"protocol":{"type":"string","description":"Select the protocol type associated with the service, and by implication, the management server (if any) that enforces Content Security and Authentication for the service. Selecting a Protocol Type invokes the specific protocol handlers for each protocol type, thus enabling higher level of security by parsing the protocol, and higher level of connectivity by tracking dynamic actions (such as opening of ports).","description_kind":"plain","optional":true},"session_timeout":{"type":"number","description":"Time (in seconds) before the session times out.","description_kind":"plain","optional":true},"source_port":{"type":"string","description":"Port number for the client side service. If specified, only those Source port Numbers will be Accepted, Dropped, or Rejected during packet inspection. Otherwise, the source port is not inspected.","description_kind":"plain","optional":true},"sync_connections_on_cluster":{"type":"bool","description":"Enables state-synchronized High Availability or Load Sharing on a ClusterXL or OPSEC-certified cluster.","description_kind":"plain","optional":true},"tags":{"type":["set","string"],"description":"Collection of tag identifiers.","description_kind":"plain","optional":true},"use_default_session_timeout":{"type":"bool","description":"Use default virtual session timeout.","description_kind":"plain","optional":true}},"description_kind":"plain"}},"checkpoint_management_service_udp":{"version":0,"block":{"attributes":{"accept_replies":{"type":"bool","description":"N/A","description_kind":"plain","optional":true},"aggressive_aging":{"type":["map","string"],"description":"Sets short (aggressive) timeouts for idle connections.","description_kind":"plain","optional":true},"color":{"type":"string","description":"Color of the object. Should be one of existing colors.","description_kind":"plain","optional":true},"comments":{"type":"string","description":"Comments string.","description_kind":"plain","optional":true},"id":{"type":"string","description_kind":"plain","optional":true,"computed":true},"ignore_errors":{"type":"bool","description":"Apply changes ignoring errors. You won't be able to publish such a changes. If ignore-warnings flag was omitted - warnings will also be ignored.","description_kind":"plain","optional":true},"ignore_warnings":{"type":"bool","description":"Apply changes ignoring warnings.","description_kind":"plain","optional":true},"keep_connections_open_after_policy_installation":{"type":"bool","description":"Keep connections open after policy has been installed even if they are not allowed under the new policy. This overrides the settings in the Connection Persistence page. If you change this property, the change will not affect open connections, but only future connections.","description_kind":"plain","optional":true},"match_by_protocol_signature":{"type":"bool","description":"A value of true enables matching by the selected protocol's signature - the signature identifies the protocol as genuine. Select this option to limit the port to the specified protocol. If the selected protocol does not support matching by signature, this field cannot be set to true.","description_kind":"plain","optional":true},"match_for_any":{"type":"bool","description":"Indicates whether this service is used when 'Any' is set as the rule's service and there are several service objects with the same source port and protocol.","description_kind":"plain","optional":true},"name":{"type":"string","description":"Object name. Should be unique in the domain.","description_kind":"plain","required":true},"override_default_settings":{"type":"bool","description":"Indicates whether this service is a Data Domain service which has been overridden.","description_kind":"plain","optional":true},"port":{"type":"string","description":"The number of the port used to provide this service. To specify a port range, place a hyphen between the lowest and highest port numbers, for example 44-55.","description_kind":"plain","optional":true},"protocol":{"type":"string","description":"Select the protocol type associated with the service, and by implication, the management server (if any) that enforces Content Security and Authentication for the service. Selecting a Protocol Type invokes the specific protocol handlers for each protocol type, thus enabling higher level of security by parsing the protocol, and higher level of connectivity by tracking dynamic actions (such as opening of ports).","description_kind":"plain","optional":true},"session_timeout":{"type":"number","description":"Time (in seconds) before the session times out.","description_kind":"plain","optional":true},"source_port":{"type":"string","description":"Port number for the client side service. If specified, only those Source port Numbers will be Accepted, Dropped, or Rejected during packet inspection. Otherwise, the source port is not inspected.","description_kind":"plain","optional":true},"sync_connections_on_cluster":{"type":"bool","description":"Enables state-synchronized High Availability or Load Sharing on a ClusterXL or OPSEC-certified cluster.","description_kind":"plain","optional":true},"tags":{"type":["set","string"],"description":"Collection of tag identifiers.","description_kind":"plain","optional":true},"use_default_session_timeout":{"type":"bool","description":"Use default virtual session timeout.","description_kind":"plain","optional":true}},"description_kind":"plain"}},"checkpoint_management_set_api_settings":{"version":0,"block":{"attributes":{"accepted_api_calls_from":{"type":"string","description":"Clients allowed to connect to the API Server.","description_kind":"plain","optional":true},"automatic_start":{"type":"bool","description":"MGMT API will start after server will start.","description_kind":"plain","optional":true},"id":{"type":"string","description_kind":"plain","optional":true,"computed":true}},"description_kind":"plain"}},"checkpoint_management_set_automatic_purge":{"version":0,"block":{"attributes":{"enabled":{"type":"bool","description":"Turn on/off the automatic-purge feature.","description_kind":"plain","required":true},"id":{"type":"string","description_kind":"plain","optional":true,"computed":true},"keep_sessions_by_count":{"type":"bool","description":"Whether or not to keep the latest N sessions. Note: when the automatic purge feature is enabled, this field and/or the \"keep-sessions-by-date\" field must be set to 'true'.","description_kind":"plain","optional":true},"keep_sessions_by_days":{"type":"bool","description":"Whether or not to keep the sessions for D days. Note: when the automatic purge feature is enabled, this field and/or the \"keep-sessions-by-count\" field must be set to 'true'.","description_kind":"plain","optional":true},"number_of_days_to_keep":{"type":"number","description":"When \"keep-sessions-by-days = true\" this sets the number of days to keep the sessions.","description_kind":"plain","optional":true},"number_of_sessions_to_keep":{"type":"number","description":"When \"keep-sessions-by-count = true\" this sets the number of newest sessions to preserve, by the sessions's publish date.","description_kind":"plain","optional":true},"scheduling":{"type":["map","string"],"description":"When to purge sessions that do not meet the \"keep\" criteria. Note: when the automatic purge feature is enabled, this field must be set.","description_kind":"plain","optional":true}},"description_kind":"plain"}},"checkpoint_management_set_global_domain":{"version":0,"block":{"attributes":{"color":{"type":"string","description":"Color of the object. Should be one of existing colors.","description_kind":"plain","optional":true},"comments":{"type":"string","description":"Comments string.","description_kind":"plain","optional":true},"id":{"type":"string","description_kind":"plain","optional":true,"computed":true},"ignore_errors":{"type":"bool","description":"Apply changes ignoring errors. You won't be able to publish such a changes. If ignore-warnings flag was omitted - warnings will also be ignored.","description_kind":"plain","optional":true},"ignore_warnings":{"type":"bool","description":"Apply changes ignoring warnings.","description_kind":"plain","optional":true},"name":{"type":"string","description":"Object name.","description_kind":"plain","required":true},"servers":{"type":["map","string"],"description":"Multi Domain Servers. When the field is provided, 'set-global-domain' command is executed asynchronously.","description_kind":"plain","optional":true},"tags":{"type":["set","string"],"description":"Collection of tag identifiers. Note: The list of tags can not be modified in a singlecommand together with the domain servers. To modify tags, please use the separate 'set-global-domain' command, without providing the list of domain servers.","description_kind":"plain","optional":true},"tasks":{"type":["set","string"],"description":"Command asynchronous task unique identifiers","description_kind":"plain","computed":true}},"description_kind":"plain"}},"checkpoint_management_set_ha_state":{"version":0,"block":{"attributes":{"id":{"type":"string","description_kind":"plain","optional":true,"computed":true},"new_state":{"type":"string","description":"Domain server new state.","description_kind":"plain","required":true},"task_id":{"type":"string","description":"Command asynchronous task unique identifier.","description_kind":"plain","computed":true}},"description_kind":"plain"}},"checkpoint_management_set_ips_update_schedule":{"version":0,"block":{"attributes":{"enabled":{"type":"bool","description":"Enable/Disable IPS Update Schedule.","description_kind":"plain","optional":true},"id":{"type":"string","description_kind":"plain","optional":true,"computed":true},"recurrence":{"type":["map","string"],"description":"Days recurrence.","description_kind":"plain","optional":true},"time":{"type":"string","description":"Time in format HH:mm.","description_kind":"plain","optional":true}},"description_kind":"plain"}},"checkpoint_management_set_login_message":{"version":0,"block":{"attributes":{"header":{"type":"string","description":"Login message header.","description_kind":"plain","optional":true},"id":{"type":"string","description_kind":"plain","optional":true,"computed":true},"message":{"type":"string","description":"Login message body.","description_kind":"plain","optional":true},"show_message":{"type":"bool","description":"Whether to show login message.","description_kind":"plain","optional":true},"warning":{"type":"bool","description":"Add warning sign.","description_kind":"plain","optional":true}},"description_kind":"plain"}},"checkpoint_management_set_threat_protection":{"version":0,"block":{"attributes":{"comments":{"type":"string","description":"Protection comments.","description_kind":"plain","optional":true},"follow_up":{"type":"bool","description":"Tag the protection with pre-defined follow-up flag.","description_kind":"plain","optional":true},"id":{"type":"string","description_kind":"plain","optional":true,"computed":true},"name":{"type":"string","description":"Object name.","description_kind":"plain","required":true}},"block_types":{"overrides":{"nesting_mode":"list","block":{"attributes":{"action":{"type":"string","description":"Protection action.","description_kind":"plain","optional":true},"capture_packets":{"type":"bool","description":"Capture packets.","description_kind":"plain","optional":true},"profile":{"type":"string","description":"Profile name.","description_kind":"plain","optional":true},"track":{"type":"string","description":"Tracking method for protection.","description_kind":"plain","optional":true}},"description_kind":"plain"}}},"description_kind":"plain"}},"checkpoint_management_simple_cluster":{"version":0,"block":{"attributes":{"anti_bot":{"type":"bool","description":"Anti-Bot blade enabled.","description_kind":"plain","optional":true},"anti_virus":{"type":"bool","description":"Anti-Virus blade enabled.","description_kind":"plain","optional":true},"application_control":{"type":"bool","description":"Application Control blade enabled.","description_kind":"plain","optional":true},"cluster_mode":{"type":"string","description":"Cluster mode.","description_kind":"plain","optional":true},"color":{"type":"string","description":"Color of the object. Should be one of existing colors.","description_kind":"plain","optional":true},"comments":{"type":"string","description":"Comments string.","description_kind":"plain","optional":true},"content_awareness":{"type":"bool","description":"Content Awareness blade enabled.","description_kind":"plain","optional":true},"data_awareness":{"type":"bool","description":"Data Awareness blade enabled.","description_kind":"plain","optional":true},"dynamic_ip":{"type":"bool","description":"Dynamic IP address.","description_kind":"plain","computed":true},"firewall":{"type":"bool","description":"Firewall blade enabled.","description_kind":"plain","optional":true},"firewall_settings":{"type":["map","string"],"description":"Firewall settings.","description_kind":"plain","optional":true},"hardware":{"type":"string","description":"Cluster platform hardware.","description_kind":"plain","optional":true},"id":{"type":"string","description_kind":"plain","optional":true,"computed":true},"ignore_errors":{"type":"bool","description":"Apply changes ignoring errors. You won't be able to publish such a changes. If ignore-warnings flag was omitted - warnings will also be ignored.","description_kind":"plain","optional":true},"ignore_warnings":{"type":"bool","description":"Apply changes ignoring warnings.","description_kind":"plain","optional":true},"ips":{"type":"bool","description":"Intrusion Prevention System blade enabled.","description_kind":"plain","optional":true},"ipv4_address":{"type":"string","description":"IPv4 address.","description_kind":"plain","optional":true},"ipv6_address":{"type":"string","description":"IPv6 address.","description_kind":"plain","optional":true},"name":{"type":"string","description":"Object name. Should be unique in the domain.","description_kind":"plain","required":true},"os_name":{"type":"string","description":"OS name.","description_kind":"plain","optional":true},"save_logs_locally":{"type":"bool","description":"Save logs locally.","description_kind":"plain","optional":true},"send_alerts_to_server":{"type":["set","string"],"description":"Server(s) to send alerts to.","description_kind":"plain","optional":true},"send_logs_to_backup_server":{"type":["set","string"],"description":"Backup server(s) to send logs to.","description_kind":"plain","optional":true},"send_logs_to_server":{"type":["set","string"],"description":"Server(s) to send logs to.","description_kind":"plain","optional":true},"sic_name":{"type":"string","description":"Secure Internal Communication name.","description_kind":"plain","computed":true},"sic_state":{"type":"string","description":"Secure Internal Communication state.","description_kind":"plain","computed":true},"tags":{"type":["set","string"],"description":"Collection of tag identifiers.","description_kind":"plain","optional":true},"threat_emulation":{"type":"bool","description":"Threat Emulation blade enabled.","description_kind":"plain","optional":true},"url_filtering":{"type":"bool","description":"URL Filtering blade enabled.","description_kind":"plain","optional":true},"version":{"type":"string","description":"Cluster platform version.","description_kind":"plain","optional":true},"vpn":{"type":"bool","description":"VPN blade enabled.","description_kind":"plain","optional":true},"vpn_settings":{"type":["map","string"],"description":"Gateway VPN settings.","description_kind":"plain","optional":true}},"block_types":{"interfaces":{"nesting_mode":"list","block":{"attributes":{"anti_spoofing":{"type":"bool","description":"Anti spoofing.","description_kind":"plain","optional":true},"anti_spoofing_settings":{"type":["map","string"],"description":"Anti spoofing settings","description_kind":"plain","optional":true},"color":{"type":"string","description":"Color of the object. Should be one of existing colors.","description_kind":"plain","optional":true},"comments":{"type":"string","description":"Comments string.","description_kind":"plain","optional":true},"interface_type":{"type":"string","description":"Cluster interface type.","description_kind":"plain","required":true},"ipv4_address":{"type":"string","description":"IPv4 address.","description_kind":"plain","optional":true},"ipv4_mask_length":{"type":"string","description":"IPv4 network mask length.","description_kind":"plain","optional":true},"ipv4_network_mask":{"type":"string","description":"IPv4 network address.","description_kind":"plain","optional":true},"ipv6_address":{"type":"string","description":"IPv6 address.","description_kind":"plain","optional":true},"ipv6_mask_length":{"type":"string","description":"IPv6 network mask length.","description_kind":"plain","optional":true},"ipv6_network_mask":{"type":"string","description":"IPv6 network address.","description_kind":"plain","optional":true},"multicast_address":{"type":"string","description":"Multicast IP Address.","description_kind":"plain","optional":true},"multicast_address_type":{"type":"string","description":"Multicast Address Type.","description_kind":"plain","optional":true},"name":{"type":"string","description":"Object name. Should be unique in the domain.","description_kind":"plain","required":true},"security_zone":{"type":"bool","description":"Security zone.","description_kind":"plain","optional":true},"security_zone_settings":{"type":["map","string"],"description":"Security zone settings.","description_kind":"plain","optional":true},"topology":{"type":"string","description":"Topology.","description_kind":"plain","optional":true},"topology_automatic_calculation":{"type":"string","description":"Shows the automatic topology calculation.","description_kind":"plain","computed":true},"topology_settings":{"type":["map","string"],"description":"Topology settings.","description_kind":"plain","optional":true}},"description_kind":"plain"}},"members":{"nesting_mode":"list","block":{"attributes":{"ip_address":{"type":"string","description":"IPv4 or IPv6 address.","description_kind":"plain","optional":true},"name":{"type":"string","description":"Object name. Should be unique in the domain.","description_kind":"plain","required":true},"one_time_password":{"type":"string","description":"SIC one time password.","description_kind":"plain","optional":true},"sic_message":{"type":"string","description":"Secure Internal Communication state.","description_kind":"plain","computed":true},"sic_name":{"type":"string","description":"Secure Internal Communication name.","description_kind":"plain","computed":true}},"block_types":{"interfaces":{"nesting_mode":"list","block":{"attributes":{"ipv4_address":{"type":"string","description":"IPv4 address.","description_kind":"plain","optional":true},"ipv4_mask_length":{"type":"string","description":"IPv4 network mask length.","description_kind":"plain","optional":true},"ipv4_network_mask":{"type":"string","description":"IPv4 network address.","description_kind":"plain","optional":true},"ipv6_address":{"type":"string","description":"IPv6 address.","description_kind":"plain","optional":true},"ipv6_mask_length":{"type":"string","description":"IPv6 network mask length.","description_kind":"plain","optional":true},"ipv6_network_mask":{"type":"string","description":"IPv6 network address.","description_kind":"plain","optional":true},"name":{"type":"string","description":"Object name. Should be unique in the domain.","description_kind":"plain","required":true}},"description_kind":"plain"}}},"description_kind":"plain"}}},"description_kind":"plain"}},"checkpoint_management_simple_gateway":{"version":0,"block":{"attributes":{"anti_bot":{"type":"bool","description":"Anti-Bot blade enabled.","description_kind":"plain","optional":true},"anti_virus":{"type":"bool","description":"Anti-Virus blade enabled.","description_kind":"plain","optional":true},"application_control":{"type":"bool","description":"Application Control blade enabled.","description_kind":"plain","optional":true},"color":{"type":"string","description":"Color of the object. Should be one of existing colors.","description_kind":"plain","optional":true},"comments":{"type":"string","description":"Comments string.","description_kind":"plain","optional":true},"content_awareness":{"type":"bool","description":"Content Awareness blade enabled.","description_kind":"plain","optional":true},"dynamic_ip":{"type":"bool","description":"Dynamic IP address.","description_kind":"plain","computed":true},"firewall":{"type":"bool","description":"Firewall blade enabled.","description_kind":"plain","optional":true},"firewall_settings":{"type":["map","string"],"description":"Firewall settings.","description_kind":"plain","optional":true},"hardware":{"type":"string","description":"Gateway platform hardware type.","description_kind":"plain","computed":true},"icap_server":{"type":"bool","description":"ICAP Server enabled.","description_kind":"plain","optional":true},"id":{"type":"string","description_kind":"plain","optional":true,"computed":true},"ignore_warnings":{"type":"bool","description":"Apply changes ignoring warnings.","description_kind":"plain","optional":true},"ips":{"type":"bool","description":"Intrusion Prevention System blade enabled.","description_kind":"plain","optional":true},"ipv4_address":{"type":"string","description":"IPv4 address.","description_kind":"plain","optional":true},"ipv6_address":{"type":"string","description":"IPv6 address.","description_kind":"plain","optional":true},"logs_settings":{"type":["map","string"],"description":"Logs settings.","description_kind":"plain","optional":true},"name":{"type":"string","description":"Object name. Should be unique in the domain.","description_kind":"plain","required":true},"one_time_password":{"type":"string","description":"SIC one time password.","description_kind":"plain","optional":true},"os_name":{"type":"string","description":"OS name.","description_kind":"plain","optional":true},"save_logs_locally":{"type":"bool","description":"Save logs locally.","description_kind":"plain","optional":true},"send_alerts_to_server":{"type":["set","string"],"description":"Server(s) to send alerts to.","description_kind":"plain","optional":true},"send_logs_to_backup_server":{"type":["set","string"],"description":"Backup server(s) to send logs to.","description_kind":"plain","optional":true},"send_logs_to_server":{"type":["set","string"],"description":"Server(s) to send logs to.","description_kind":"plain","optional":true},"sic_name":{"type":"string","description":"Secure Internal Communication name.","description_kind":"plain","computed":true},"sic_state":{"type":"string","description":"Secure Internal Communication state.","description_kind":"plain","computed":true},"tags":{"type":["set","string"],"description":"Collection of tag identifiers.","description_kind":"plain","optional":true},"threat_emulation":{"type":"bool","description":"Threat Emulation blade enabled.","description_kind":"plain","optional":true},"threat_extraction":{"type":"bool","description":"Threat Extraction blade enabled.","description_kind":"plain","optional":true},"url_filtering":{"type":"bool","description":"URL Filtering blade enabled.","description_kind":"plain","optional":true},"version":{"type":"string","description":"Gateway platform version.","description_kind":"plain","optional":true},"vpn":{"type":"bool","description":"VPN blade enabled.","description_kind":"plain","optional":true},"vpn_settings":{"type":["map","string"],"description":"Gateway VPN settings.","description_kind":"plain","optional":true}},"block_types":{"interfaces":{"nesting_mode":"list","block":{"attributes":{"anti_spoofing":{"type":"bool","description":"Anti spoofing.","description_kind":"plain","optional":true},"anti_spoofing_settings":{"type":["map","string"],"description":"Anti spoofing settings","description_kind":"plain","optional":true},"color":{"type":"string","description":"Color of the object. Should be one of existing colors.","description_kind":"plain","optional":true},"comments":{"type":"string","description":"Comments string.","description_kind":"plain","optional":true},"ipv4_address":{"type":"string","description":"IPv4 address.","description_kind":"plain","optional":true},"ipv4_mask_length":{"type":"string","description":"IPv4 network mask length.","description_kind":"plain","optional":true},"ipv4_network_mask":{"type":"string","description":"IPv4 network address.","description_kind":"plain","optional":true},"ipv6_address":{"type":"string","description":"IPv6 address.","description_kind":"plain","optional":true},"ipv6_mask_length":{"type":"string","description":"IPv6 network mask length.","description_kind":"plain","optional":true},"ipv6_network_mask":{"type":"string","description":"IPv6 network address.","description_kind":"plain","optional":true},"name":{"type":"string","description":"Object name. Should be unique in the domain.","description_kind":"plain","required":true},"security_zone":{"type":"bool","description":"Security zone.","description_kind":"plain","optional":true},"security_zone_settings":{"type":["map","string"],"description":"Security zone settings.","description_kind":"plain","optional":true},"topology":{"type":"string","description":"Topology.","description_kind":"plain","optional":true},"topology_automatic_calculation":{"type":"string","description":"Shows the automatic topology calculation.","description_kind":"plain","computed":true},"topology_settings":{"type":["map","string"],"description":"Topology settings.","description_kind":"plain","optional":true}},"description_kind":"plain"}}},"description_kind":"plain"}},"checkpoint_management_threat_exception":{"version":0,"block":{"attributes":{"action":{"type":"string","description":"Action-the enforced profile.","description_kind":"plain","optional":true},"comments":{"type":"string","description":"Comments string.","description_kind":"plain","optional":true},"destination":{"type":["set","string"],"description":"Collection of Network objects identified by the name or UID.","description_kind":"plain","optional":true},"destination_negate":{"type":"bool","description":"True if negate is set for destination.","description_kind":"plain","optional":true},"enabled":{"type":"bool","description":"Enable/Disable the rule.","description_kind":"plain","optional":true},"exception_group_name":{"type":"string","description":"The name of the exception-group.","description_kind":"plain","optional":true},"exception_group_uid":{"type":"string","description":"The UID of the exception-group.","description_kind":"plain","optional":true},"id":{"type":"string","description_kind":"plain","optional":true,"computed":true},"ignore_errors":{"type":"bool","description":"Apply changes ignoring errors. You won't be able to publish such a changes. If ignore-warnings flag was omitted - warnings will also be ignored.","description_kind":"plain","optional":true},"ignore_warnings":{"type":"bool","description":"Apply changes ignoring warnings.","description_kind":"plain","optional":true},"install_on":{"type":["set","string"],"description":"Which Gateways identified by the name or UID to install the policy on.","description_kind":"plain","optional":true},"layer":{"type":"string","description":"Layer that the rule belongs to identified by the name or UID.","description_kind":"plain","required":true},"name":{"type":"string","description":"Rule name.","description_kind":"plain","required":true},"owner":{"type":"string","description":"Owner UID.","description_kind":"plain","computed":true},"position":{"type":["map","string"],"description":"Position in the rulebase.","description_kind":"plain","required":true},"protected_scope":{"type":["set","string"],"description":"Collection of objects defining Protected Scope identified by the name or UID.","description_kind":"plain","optional":true},"protected_scope_negate":{"type":"bool","description":"True if negate is set for Protected Scope.","description_kind":"plain","optional":true},"protection_or_site":{"type":["set","string"],"description":"Name of the protection or site.","description_kind":"plain","optional":true},"rule_name":{"type":"string","description":"The name of the parent rule.","description_kind":"plain","optional":true},"rule_uid":{"type":"string","description":"The UID of the parent rule.","description_kind":"plain","optional":true},"service":{"type":["set","string"],"description":"Collection of Network objects identified by the name or UID.","description_kind":"plain","optional":true},"service_negate":{"type":"bool","description":"True if negate is set for service.","description_kind":"plain","optional":true},"source":{"type":["set","string"],"description":"Collection of Network objects identified by the name or UID.","description_kind":"plain","optional":true},"source_negate":{"type":"bool","description":"True if negate is set for source.","description_kind":"plain","optional":true},"track":{"type":"string","description":"Packet tracking.","description_kind":"plain","optional":true}},"description_kind":"plain"}},"checkpoint_management_threat_indicator":{"version":0,"block":{"attributes":{"action":{"type":"string","description":"The indicator's action.","description_kind":"plain","optional":true},"color":{"type":"string","description":"Color of the object. Should be one of existing colors.","description_kind":"plain","optional":true},"comments":{"type":"string","description":"Comments string.","description_kind":"plain","optional":true},"id":{"type":"string","description_kind":"plain","optional":true,"computed":true},"ignore_errors":{"type":"bool","description":"Apply changes ignoring errors. You won't be able to publish such a changes. If ignore-warnings flag was omitted - warnings will also be ignored.","description_kind":"plain","optional":true},"ignore_warnings":{"type":"bool","description":"Apply changes ignoring warnings.","description_kind":"plain","optional":true},"name":{"type":"string","description":"Object name. Should be unique in the domain.","description_kind":"plain","required":true},"tags":{"type":["set","string"],"description":"Collection of tag identifiers.","description_kind":"plain","optional":true}},"block_types":{"observables":{"nesting_mode":"list","block":{"attributes":{"confidence":{"type":"string","description":"The confidence level the indicator has that a real threat has been uncovered.","description_kind":"plain","optional":true},"domain":{"type":"string","description":"The name of a domain.","description_kind":"plain","optional":true},"ip_address":{"type":"string","description":"A valid IP-Address.","description_kind":"plain","optional":true},"ip_address_first":{"type":"string","description":"A valid IP-Address, the beginning of the range. If you configure this parameter with a value, you must also configure the value of the 'ip-address-last' parameter","description_kind":"plain","optional":true},"ip_address_last":{"type":"string","description":"A valid IP-Address, the end of the range. If you configure this parameter with a value, you must also configure the value of the 'ip-address-first' parameter.","description_kind":"plain","optional":true},"mail_cc":{"type":"string","description":"A valid E-Mail address, cc field.","description_kind":"plain","optional":true},"mail_from":{"type":"string","description":"A valid E-Mail address, sender field.","description_kind":"plain","optional":true},"mail_reply_to":{"type":"string","description":"A valid E-Mail address, reply-to field.","description_kind":"plain","optional":true},"mail_subject":{"type":"string","description":"Subject of E-Mail.","description_kind":"plain","optional":true},"mail_to":{"type":"string","description":"A valid E-Mail address, recipient filed.","description_kind":"plain","optional":true},"md5":{"type":"string","description":"A valid MD5 sequence.","description_kind":"plain","optional":true},"name":{"type":"string","description":"Object name. Should be unique in the domain.","description_kind":"plain","required":true},"product":{"type":"string","description":"The software blade that processes the observable: AV - AntiVirus, AB - AntiBot.","description_kind":"plain","optional":true},"severity":{"type":"string","description":"The severity level of the threat.","description_kind":"plain","optional":true},"url":{"type":"string","description":"A valid URL.","description_kind":"plain","optional":true}},"description_kind":"plain"}},"profile_overrides":{"nesting_mode":"list","block":{"attributes":{"action":{"type":"string","description":"The indicator's action in this profile.","description_kind":"plain","optional":true},"profile":{"type":"string","description":"The profile in which to override the indicator's action.","description_kind":"plain","optional":true}},"description_kind":"plain"}}},"description_kind":"plain"}},"checkpoint_management_threat_profile":{"version":0,"block":{"attributes":{"activate_protections_by_extended_attributes":{"type":["list",["object",{"category":"string","name":"string","uid":"string","values":["list",["object",{"name":"string","uid":"string"}]]}]],"description":"Activate protections by these extended attributes.","description_kind":"plain","computed":true},"active_protections_performance_impact":{"type":"string","description":"Protections with this performance impact only will be activated in the profile.","description_kind":"plain","optional":true},"active_protections_severity":{"type":"string","description":"Protections with this severity only will be activated in the profile.","description_kind":"plain","optional":true},"anti_bot":{"type":"bool","description":"Is Anti-Bot blade activated.","description_kind":"plain","optional":true},"anti_virus":{"type":"bool","description":"Is Anti-Virus blade activated.","description_kind":"plain","optional":true},"color":{"type":"string","description":"Color of the object. Should be one of existing colors.","description_kind":"plain","optional":true},"comments":{"type":"string","description":"Comments string.","description_kind":"plain","optional":true},"confidence_level_high":{"type":"string","description":"Action for protections with high confidence level.","description_kind":"plain","optional":true},"confidence_level_low":{"type":"string","description":"Action for protections with low confidence level.","description_kind":"plain","optional":true},"confidence_level_medium":{"type":"string","description":"Action for protections with medium confidence level.","description_kind":"plain","optional":true},"id":{"type":"string","description_kind":"plain","optional":true,"computed":true},"ignore_errors":{"type":"bool","description":"Apply changes ignoring errors. You won't be able to publish such a changes. If ignore-warnings flag was omitted - warnings will also be ignored.","description_kind":"plain","optional":true},"ignore_warnings":{"type":"bool","description":"Apply changes ignoring warnings.","description_kind":"plain","optional":true},"ips":{"type":"bool","description":"Is IPS blade activated.","description_kind":"plain","optional":true},"ips_settings":{"type":["map","string"],"description":"IPS blade settings.","description_kind":"plain","optional":true},"malicious_mail_policy_settings":{"type":["map","string"],"description":"Malicious Mail Policy for MTA Gateways.","description_kind":"plain","optional":true},"name":{"type":"string","description":"Object name. Should be unique in the domain.","description_kind":"plain","required":true},"scan_malicious_links":{"type":["map","string"],"description":"Scans malicious links (URLs) inside email messages.","description_kind":"plain","optional":true},"tags":{"type":["set","string"],"description":"Collection of tag identifiers.","description_kind":"plain","optional":true},"threat_emulation":{"type":"bool","description":"Is Threat Emulation blade activated.","description_kind":"plain","optional":true},"use_extended_attributes":{"type":"bool","description":"Whether to activate/deactivate IPS protections according to the extended attributes.","description_kind":"plain","optional":true},"use_indicators":{"type":"bool","description":"Indicates whether the profile should make use of indicators.","description_kind":"plain","optional":true}},"block_types":{"deactivate_protections_by_extended_attributes":{"nesting_mode":"list","block":{"attributes":{"category":{"type":"string","description":"IPS tag category name.","description_kind":"plain","optional":true},"name":{"type":"string","description":"IPS tag name.","description_kind":"plain","optional":true},"uid":{"type":"string","description":"IPS tag unique identifier.","description_kind":"plain","optional":true},"values":{"type":["list",["object",{"name":"string","uid":"string"}]],"description":"IPS protection extended attribute values","description_kind":"plain","computed":true}},"description_kind":"plain"}},"indicator_overrides":{"nesting_mode":"list","block":{"attributes":{"action":{"type":"string","description":"The indicator's action in this profile.","description_kind":"plain","optional":true},"indicator":{"type":"string","description":"The indicator whose action is to be overriden.","description_kind":"plain","optional":true}},"description_kind":"plain"}},"overrides":{"nesting_mode":"list","block":{"attributes":{"action":{"type":"string","description":"Protection action.","description_kind":"plain","required":true},"capture_packets":{"type":"bool","description":"Capture packets.","description_kind":"plain","optional":true},"default":{"type":["map","string"],"description":"Default settings.","description_kind":"plain","computed":true},"final":{"type":["map","string"],"description":"Final settings.","description_kind":"plain","computed":true},"protection":{"type":"string","description":"IPS protection identified by name.","description_kind":"plain","required":true},"protection_external_info":{"type":["set","string"],"description":"Collection of industry reference (CVE).","description_kind":"plain","computed":true},"protection_uid":{"type":"string","description":"IPS protection unique identifier.","description_kind":"plain","computed":true},"track":{"type":"string","description":"Tracking method for protection.","description_kind":"plain","optional":true}},"description_kind":"plain"}}},"description_kind":"plain"}},"checkpoint_management_threat_rule":{"version":0,"block":{"attributes":{"action":{"type":"string","description":"Action-the enforced profile.","description_kind":"plain","optional":true},"comments":{"type":"string","description":"Comments string.","description_kind":"plain","optional":true},"destination":{"type":["set","string"],"description":"Collection of Network objects identified by the name or UID.","description_kind":"plain","optional":true},"destination_negate":{"type":"bool","description":"True if negate is set for destination.","description_kind":"plain","optional":true},"enabled":{"type":"bool","description":"Enable/Disable the rule.","description_kind":"plain","optional":true},"exceptions":{"type":["set","string"],"description":"Collection of rule's exceptions identified by UID","description_kind":"plain","computed":true},"id":{"type":"string","description_kind":"plain","optional":true,"computed":true},"ignore_errors":{"type":"bool","description":"Apply changes ignoring errors. You won't be able to publish such a changes. If ignore-warnings flag was omitted - warnings will also be ignored.","description_kind":"plain","optional":true},"ignore_warnings":{"type":"bool","description":"Apply changes ignoring warnings.","description_kind":"plain","optional":true},"install_on":{"type":["set","string"],"description":"Which Gateways identified by the name or UID to install the policy on.","description_kind":"plain","optional":true},"layer":{"type":"string","description":"Layer that the rule belongs to identified by the name or UID.","description_kind":"plain","required":true},"name":{"type":"string","description":"Rule name.","description_kind":"plain","optional":true},"position":{"type":["map","string"],"description":"Position in the rulebase.","description_kind":"plain","required":true},"protected_scope":{"type":["set","string"],"description":"Collection of objects defining Protected Scope identified by the name or UID.","description_kind":"plain","optional":true},"protected_scope_negate":{"type":"bool","description":"True if negate is set for Protected Scope.","description_kind":"plain","optional":true},"service":{"type":["set","string"],"description":"Collection of Network objects identified by the name or UID.","description_kind":"plain","optional":true},"service_negate":{"type":"bool","description":"True if negate is set for service.","description_kind":"plain","optional":true},"source":{"type":["set","string"],"description":"Collection of Network objects identified by the name or UID.","description_kind":"plain","optional":true},"source_negate":{"type":"bool","description":"True if negate is set for source.","description_kind":"plain","optional":true},"track":{"type":"string","description":"Packet tracking.","description_kind":"plain","optional":true},"track_settings":{"type":["map","string"],"description":"Threat rule track settings.","description_kind":"plain","optional":true}},"description_kind":"plain"}},"checkpoint_management_time_group":{"version":0,"block":{"attributes":{"color":{"type":"string","description":"Color of the object. Should be one of existing colors.","description_kind":"plain","optional":true},"comments":{"type":"string","description":"Comments string.","description_kind":"plain","optional":true},"id":{"type":"string","description_kind":"plain","optional":true,"computed":true},"ignore_errors":{"type":"bool","description":"Apply changes ignoring errors. You won't be able to publish such a changes. If ignore-warnings flag was omitted - warnings will also be ignored.","description_kind":"plain","optional":true},"ignore_warnings":{"type":"bool","description":"Apply changes ignoring warnings.","description_kind":"plain","optional":true},"members":{"type":["set","string"],"description":"Collection of Time Group objects identified by the name or UID.","description_kind":"plain","optional":true},"name":{"type":"string","description":"Object name.","description_kind":"plain","required":true},"tags":{"type":["set","string"],"description":"Collection of tag identifiers.","description_kind":"plain","optional":true}},"description_kind":"plain"}},"checkpoint_management_uninstall_software_package":{"version":0,"block":{"attributes":{"cluster_installation_settings":{"type":["map","string"],"description":"Installation settings for cluster.","description_kind":"plain","optional":true},"concurrency_limit":{"type":"number","description":"The number of targets, on which the same package is installed at the same time.","description_kind":"plain","optional":true},"id":{"type":"string","description_kind":"plain","optional":true,"computed":true},"name":{"type":"string","description":"The name of the software package.","description_kind":"plain","required":true},"targets":{"type":["set","string"],"description":"On what targets to execute this command. Targets may be identified by their name, or object unique identifier.","description_kind":"plain","required":true},"task_id":{"type":"string","description":"Command asynchronous task unique identifier.","description_kind":"plain","computed":true}},"description_kind":"plain"}},"checkpoint_management_unlock_administrator":{"version":0,"block":{"attributes":{"id":{"type":"string","description_kind":"plain","optional":true,"computed":true},"name":{"type":"string","description":"Object name.","description_kind":"plain","required":true}},"description_kind":"plain"}},"checkpoint_management_update_updatable_objects_repository_content":{"version":0,"block":{"attributes":{"id":{"type":"string","description_kind":"plain","optional":true,"computed":true},"task_id":{"type":"string","description":"Command asynchronous task unique identifier.","description_kind":"plain","computed":true}},"description_kind":"plain"}},"checkpoint_management_user":{"version":0,"block":{"attributes":{"allowed_locations":{"type":["map","string"],"description":"User allowed locations.","description_kind":"plain","optional":true},"authentication_method":{"type":"string","description":"Authentication method.","description_kind":"plain","optional":true},"color":{"type":"string","description":"Color of the object. Should be one of existing colors.","description_kind":"plain","optional":true},"comments":{"type":"string","description":"Comments string.","description_kind":"plain","optional":true},"connect_daily":{"type":"bool","description":"Connect every day.","description_kind":"plain","optional":true},"connect_on_days":{"type":["set","string"],"description":"Days users allow to connect.","description_kind":"plain","optional":true},"email":{"type":"string","description":"User email.","description_kind":"plain","optional":true},"encryption":{"type":["map","string"],"description":"User encryption.","description_kind":"plain","optional":true},"expiration_date":{"type":"string","description":"Expiration date in format: yyyy-MM-dd.","description_kind":"plain","optional":true},"from_hour":{"type":"string","description":"Allow users connect from hour.","description_kind":"plain","optional":true},"id":{"type":"string","description_kind":"plain","optional":true,"computed":true},"ignore_errors":{"type":"bool","description":"Apply changes ignoring errors. You won't be able to publish such a changes. If ignore-warnings flag was omitted - warnings will also be ignored.","description_kind":"plain","optional":true},"ignore_warnings":{"type":"bool","description":"Apply changes ignoring warnings.","description_kind":"plain","optional":true},"name":{"type":"string","description":"Object name.","description_kind":"plain","required":true},"password":{"type":"string","description":"Checkpoint password authentication method identified by the name or UID. Must be set when \"authentication-method\" was selected to be \"Check Point Password\".","description_kind":"plain","optional":true},"phone_number":{"type":"string","description":"User phone number.","description_kind":"plain","optional":true},"radius_server":{"type":"string","description":"RADIUS server object identified by the name or UID. Must be set when \"authentication-method\" was selected to be \"RADIUS\".","description_kind":"plain","optional":true},"tacacs_server":{"type":"string","description":"TACACS server object identified by the name or UID. Must be set when \"authentication-method\" was selected to be \"TACACS\".","description_kind":"plain","optional":true},"tags":{"type":["set","string"],"description":"Collection of tag identifiers.","description_kind":"plain","optional":true},"template":{"type":"string","description":"User template name or UID.","description_kind":"plain","optional":true},"to_hour":{"type":"string","description":"Allow users connect until hour.","description_kind":"plain","optional":true}},"description_kind":"plain"}},"checkpoint_management_user_group":{"version":0,"block":{"attributes":{"color":{"type":"string","description":"Color of the object. Should be one of existing colors.","description_kind":"plain","optional":true},"comments":{"type":"string","description":"Comments string.","description_kind":"plain","optional":true},"email":{"type":"string","description":"Email Address.","description_kind":"plain","optional":true},"id":{"type":"string","description_kind":"plain","optional":true,"computed":true},"ignore_errors":{"type":"bool","description":"Apply changes ignoring errors. You won't be able to publish such a changes. If ignore-warnings flag was omitted - warnings will also be ignored.","description_kind":"plain","optional":true},"ignore_warnings":{"type":"bool","description":"Apply changes ignoring warnings.","description_kind":"plain","optional":true},"members":{"type":["set","string"],"description":"Collection of User Group objects identified by the name or UID.","description_kind":"plain","optional":true},"name":{"type":"string","description":"Object name.","description_kind":"plain","required":true},"tags":{"type":["set","string"],"description":"Collection of tag identifiers.","description_kind":"plain","optional":true}},"description_kind":"plain"}},"checkpoint_management_user_template":{"version":0,"block":{"attributes":{"allowed_locations":{"type":["map","string"],"description":"User allowed locations.","description_kind":"plain","optional":true},"authentication_method":{"type":"string","description":"Authentication method.","description_kind":"plain","optional":true},"color":{"type":"string","description":"Color of the object. Should be one of existing colors.","description_kind":"plain","optional":true},"comments":{"type":"string","description":"Comments string.","description_kind":"plain","optional":true},"connect_daily":{"type":"bool","description":"Connect every day.","description_kind":"plain","optional":true},"connect_on_days":{"type":["set","string"],"description":"Days users allow to connect.","description_kind":"plain","optional":true},"encryption":{"type":["map","string"],"description":"User encryption.","description_kind":"plain","optional":true},"expiration_by_global_properties":{"type":"bool","description":"Expiration date according to global properties.","description_kind":"plain","optional":true},"expiration_date":{"type":"string","description":"Expiration date in format: yyyy-MM-dd.","description_kind":"plain","optional":true},"from_hour":{"type":"string","description":"Allow users connect from hour.","description_kind":"plain","optional":true},"id":{"type":"string","description_kind":"plain","optional":true,"computed":true},"ignore_errors":{"type":"bool","description":"Apply changes ignoring errors. You won't be able to publish such a changes. If ignore-warnings flag was omitted - warnings will also be ignored.","description_kind":"plain","optional":true},"ignore_warnings":{"type":"bool","description":"Apply changes ignoring warnings.","description_kind":"plain","optional":true},"name":{"type":"string","description":"Object name.","description_kind":"plain","required":true},"radius_server":{"type":"string","description":"RADIUS server object identified by the name or UID. Must be set when \"authentication-method\" was selected to be \"RADIUS\".","description_kind":"plain","optional":true},"tacacs_server":{"type":"string","description":"TACACS server object identified by the name or UID. Must be set when \"authentication-method\" was selected to be \"TACACS\".","description_kind":"plain","optional":true},"tags":{"type":["set","string"],"description":"Collection of tag identifiers.","description_kind":"plain","optional":true},"to_hour":{"type":"string","description":"Allow users connect until hour.","description_kind":"plain","optional":true}},"description_kind":"plain"}},"checkpoint_management_verify_policy":{"version":0,"block":{"attributes":{"id":{"type":"string","description_kind":"plain","optional":true,"computed":true},"policy_package":{"type":"string","description":"Policy package identified by the name or UID.","description_kind":"plain","required":true},"task_id":{"type":"string","description":"Command asynchronous task unique identifier.","description_kind":"plain","computed":true}},"description_kind":"plain"}},"checkpoint_management_verify_revert":{"version":0,"block":{"attributes":{"id":{"type":"string","description_kind":"plain","optional":true,"computed":true},"task_id":{"type":"string","description":"Command asynchronous task unique identifier.","description_kind":"plain","computed":true},"to_session":{"type":"string","description":"Session unique identifier. Specify the session you would like to verify a revert operation to.","description_kind":"plain","required":true}},"description_kind":"plain"}},"checkpoint_management_verify_software_package":{"version":0,"block":{"attributes":{"concurrency_limit":{"type":"number","description":"The number of targets, on which the same package is installed at the same time.","description_kind":"plain","optional":true},"id":{"type":"string","description_kind":"plain","optional":true,"computed":true},"name":{"type":"string","description":"The name of the software package.","description_kind":"plain","required":true},"targets":{"type":["set","string"],"description":"On what targets to execute this command. Targets may be identified by their name, or object unique identifier.","description_kind":"plain","required":true},"task_id":{"type":"string","description":"Command asynchronous task unique identifier.","description_kind":"plain","computed":true}},"description_kind":"plain"}},"checkpoint_management_vpn_community_meshed":{"version":0,"block":{"attributes":{"color":{"type":"string","description":"Color of the object. Should be one of existing colors.","description_kind":"plain","optional":true},"comments":{"type":"string","description":"Comments string.","description_kind":"plain","optional":true},"encryption_method":{"type":"string","description":"The encryption method to be used.","description_kind":"plain","optional":true},"encryption_suite":{"type":"string","description":"The encryption suite to be used.","description_kind":"plain","optional":true},"gateways":{"type":["set","string"],"description":"Collection of Gateway objects identified by the name or UID.","description_kind":"plain","optional":true},"id":{"type":"string","description_kind":"plain","optional":true,"computed":true},"ignore_errors":{"type":"bool","description":"Apply changes ignoring errors. You won't be able to publish such a changes. If ignore-warnings flag was omitted - warnings will also be ignored.","description_kind":"plain","optional":true},"ignore_warnings":{"type":"bool","description":"Apply changes ignoring warnings.","description_kind":"plain","optional":true},"ike_phase_1":{"type":["map","string"],"description":"Ike Phase 1 settings. Only applicable when the encryption-suite is set to [custom].","description_kind":"plain","optional":true},"ike_phase_2":{"type":["map","string"],"description":"Ike Phase 2 settings. Only applicable when the encryption-suite is set to [custom].","description_kind":"plain","optional":true},"name":{"type":"string","description":"Object name.","description_kind":"plain","required":true},"tags":{"type":["set","string"],"description":"Collection of tag identifiers.","description_kind":"plain","optional":true},"use_shared_secret":{"type":"bool","description":"Indicates whether the shared secret should be used for all external gateways.","description_kind":"plain","optional":true}},"block_types":{"override_vpn_domains":{"nesting_mode":"list","block":{"attributes":{"gateway":{"type":"string","description":"Participant gateway in override VPN domain identified by the name or UID.","description_kind":"plain","optional":true},"vpn_domain":{"type":"string","description":"VPN domain network identified by the name or UID.","description_kind":"plain","optional":true}},"description_kind":"plain"}},"shared_secrets":{"nesting_mode":"list","block":{"attributes":{"external_gateway":{"type":"string","description":"External gateway identified by the name or UID.","description_kind":"plain","optional":true},"shared_secret":{"type":"string","description":"Shared secret.","description_kind":"plain","optional":true}},"description_kind":"plain"}}},"description_kind":"plain"}},"checkpoint_management_vpn_community_remote_access":{"version":0,"block":{"attributes":{"color":{"type":"string","description":"Color of the object. Should be one of existing colors.","description_kind":"plain","optional":true},"comments":{"type":"string","description":"Comments string.","description_kind":"plain","optional":true},"gateways":{"type":["set","string"],"description":"Collection of Gateway objects identified by the name or UID.","description_kind":"plain","optional":true},"id":{"type":"string","description_kind":"plain","optional":true,"computed":true},"ignore_errors":{"type":"bool","description":"Apply changes ignoring errors. You won't be able to publish such a changes. If ignore-warnings flag was omitted - warnings will also be ignored.","description_kind":"plain","optional":true},"ignore_warnings":{"type":"bool","description":"Apply changes ignoring warnings.","description_kind":"plain","optional":true},"name":{"type":"string","description":"Object name.","description_kind":"plain","optional":true},"tags":{"type":["set","string"],"description":"Collection of tag identifiers.","description_kind":"plain","optional":true},"user_groups":{"type":["set","string"],"description":"Collection of User group objects identified by the name or UID.","description_kind":"plain","optional":true}},"description_kind":"plain"}},"checkpoint_management_vpn_community_star":{"version":0,"block":{"attributes":{"center_gateways":{"type":["set","string"],"description":"Collection of Gateway objects representing center gateways identified by the name or UID.","description_kind":"plain","optional":true},"color":{"type":"string","description":"Color of the object. Should be one of existing colors.","description_kind":"plain","optional":true},"comments":{"type":"string","description":"Comments string.","description_kind":"plain","optional":true},"encryption_method":{"type":"string","description":"The encryption method to be used.","description_kind":"plain","optional":true},"encryption_suite":{"type":"string","description":"The encryption suite to be used.","description_kind":"plain","optional":true},"id":{"type":"string","description_kind":"plain","optional":true,"computed":true},"ignore_errors":{"type":"bool","description":"Apply changes ignoring errors. You won't be able to publish such a changes. If ignore-warnings flag was omitted - warnings will also be ignored.","description_kind":"plain","optional":true},"ignore_warnings":{"type":"bool","description":"Apply changes ignoring warnings.","description_kind":"plain","optional":true},"ike_phase_1":{"type":["map","string"],"description":"Ike Phase 1 settings. Only applicable when the encryption-suite is set to [custom].","description_kind":"plain","optional":true},"ike_phase_2":{"type":["map","string"],"description":"Ike Phase 2 settings. Only applicable when the encryption-suite is set to [custom].","description_kind":"plain","optional":true},"mesh_center_gateways":{"type":"bool","description":"Indicates whether the meshed community is in center.","description_kind":"plain","optional":true},"name":{"type":"string","description":"Object name.","description_kind":"plain","required":true},"satellite_gateways":{"type":["set","string"],"description":"Collection of Gateway objects representing satellite gateways identified by the name or UID.","description_kind":"plain","optional":true},"tags":{"type":["set","string"],"description":"Collection of tag identifiers.","description_kind":"plain","optional":true},"use_shared_secret":{"type":"bool","description":"Indicates whether the shared secret should be used for all external gateways.","description_kind":"plain","optional":true}},"block_types":{"override_vpn_domains":{"nesting_mode":"list","block":{"attributes":{"gateway":{"type":"string","description":"Participant gateway in override VPN domain identified by the name or UID.","description_kind":"plain","optional":true},"vpn_domain":{"type":"string","description":"VPN domain network identified by the name or UID.","description_kind":"plain","optional":true}},"description_kind":"plain"}},"shared_secrets":{"nesting_mode":"list","block":{"attributes":{"external_gateway":{"type":"string","description":"External gateway identified by the name or UID.","description_kind":"plain","optional":true},"shared_secret":{"type":"string","description":"Shared secret.","description_kind":"plain","optional":true}},"description_kind":"plain"}}},"description_kind":"plain"}},"checkpoint_management_where_used":{"version":0,"block":{"attributes":{"dereference_group_members":{"type":"bool","description":"Indicates whether to dereference \"members\" field by details level for every object in reply.","description_kind":"plain","optional":true},"id":{"type":"string","description_kind":"plain","optional":true,"computed":true},"indirect":{"type":"bool","description":"Search for indirect usage.","description_kind":"plain","optional":true},"indirect_max_depth":{"type":"number","description":"Maximum nesting level during indirect usage search.","description_kind":"plain","optional":true},"name":{"type":"string","description":"Object name.","description_kind":"plain","required":true},"show_membership":{"type":"bool","description":"Indicates whether to calculate and show \"groups\" field for every object in reply.","description_kind":"plain","optional":true}},"description_kind":"plain"}},"checkpoint_management_wildcard":{"version":0,"block":{"attributes":{"color":{"type":"string","description":"Color of the object. Should be one of existing colors.","description_kind":"plain","optional":true},"comments":{"type":"string","description":"Comments string.","description_kind":"plain","optional":true},"id":{"type":"string","description_kind":"plain","optional":true,"computed":true},"ignore_errors":{"type":"bool","description":"Apply changes ignoring errors. You won't be able to publish such a changes. If ignore-warnings flag was omitted - warnings will also be ignored.","description_kind":"plain","optional":true},"ignore_warnings":{"type":"bool","description":"Apply changes ignoring warnings.","description_kind":"plain","optional":true},"ipv4_address":{"type":"string","description":"IPv4 address.","description_kind":"plain","optional":true},"ipv4_mask_wildcard":{"type":"string","description":"IPv4 mask wildcard.","description_kind":"plain","optional":true},"ipv6_address":{"type":"string","description":"IPv6 address.","description_kind":"plain","optional":true},"ipv6_mask_wildcard":{"type":"string","description":"IPv6 mask wildcard.","description_kind":"plain","optional":true},"name":{"type":"string","description":"Object name.","description_kind":"plain","required":true},"tags":{"type":["set","string"],"description":"Collection of tag identifiers.","description_kind":"plain","optional":true}},"description_kind":"plain"}},"checkpoint_physical_interface":{"version":0,"block":{"attributes":{"auto_negotiation":{"type":"string","description":"Activating auto_negotiation will skip the speed and duplex configuration","description_kind":"plain","optional":true},"comments":{"type":"string","description":"comments","description_kind":"plain","optional":true},"duplex":{"type":"string","description":"Duplex is not relevant when 'auto_negotiation' is enabled.","description_kind":"plain","optional":true},"enabled":{"type":"bool","description_kind":"plain","optional":true},"id":{"type":"string","description_kind":"plain","optional":true,"computed":true},"ipv4_address":{"type":"string","description_kind":"plain","optional":true},"ipv4_mask_length":{"type":"number","description_kind":"plain","optional":true},"ipv6_address":{"type":"string","description_kind":"plain","optional":true},"ipv6_autoconfig":{"type":"string","description_kind":"plain","optional":true},"ipv6_mask_length":{"type":"number","description_kind":"plain","optional":true},"mac_addr":{"type":"string","description_kind":"plain","optional":true},"monitor_mode":{"type":"string","description_kind":"plain","optional":true},"mtu":{"type":"number","description_kind":"plain","optional":true},"name":{"type":"string","description":"interface name","description_kind":"plain","required":true},"rx_ringsize":{"type":"string","description_kind":"plain","optional":true},"speed":{"type":"string","description":"Speed is not relevant when 'auto_negotiation' is enabled","description_kind":"plain","optional":true},"tx_ringsize":{"type":"string","description_kind":"plain","optional":true}},"description_kind":"plain"}},"checkpoint_put_file":{"version":0,"block":{"attributes":{"file_name":{"type":"string","description":"Filename include the desired path. The file will be created in the user home directory if the full path wasn't provided","description_kind":"plain","required":true},"id":{"type":"string","description_kind":"plain","optional":true,"computed":true},"override":{"type":"bool","description":"comments","description_kind":"plain","optional":true},"text_content":{"type":"string","description_kind":"plain","required":true}},"description_kind":"plain"}}},"data_source_schemas":{"checkpoint_management_access_point_name":{"version":0,"block":{"attributes":{"apn":{"type":"string","description":"APN name.","description_kind":"plain","computed":true},"block_traffic_other_end_user_domains":{"type":"bool","description":"Block MS to MS traffic between this and other APN end user domains.","description_kind":"plain","computed":true},"block_traffic_this_end_user_domain":{"type":"bool","description":"Block MS to MS traffic within this end user domain.","description_kind":"plain","computed":true},"color":{"type":"string","description":"Color of the object. Should be one of existing colors.","description_kind":"plain","computed":true},"comments":{"type":"string","description":"Comments string.","description_kind":"plain","computed":true},"end_user_domain":{"type":"string","description":"End user domain name or UID.","description_kind":"plain","computed":true},"enforce_end_user_domain":{"type":"bool","description":"Enable enforce end user domain.","description_kind":"plain","computed":true},"id":{"type":"string","description_kind":"plain","optional":true,"computed":true},"name":{"type":"string","description":"Object name.","description_kind":"plain","optional":true},"tags":{"type":["set","string"],"description":"Collection of tag identifiers.","description_kind":"plain","computed":true},"uid":{"type":"string","description":"Object unique identifier.","description_kind":"plain","optional":true}},"description_kind":"plain"}},"checkpoint_management_checkpoint_host":{"version":0,"block":{"attributes":{"color":{"type":"string","description":"Color of the object. Should be one of existing colors.","description_kind":"plain","computed":true},"comments":{"type":"string","description":"Comments string.","description_kind":"plain","computed":true},"hardware":{"type":"string","description":"Hardware name.","description_kind":"plain","computed":true},"id":{"type":"string","description_kind":"plain","optional":true,"computed":true},"interfaces":{"type":["list",["object",{"color":"string","comments":"string","mask_length4":"number","mask_length6":"number","name":"string","subnet4":"string","subnet6":"string","subnet_mask":"string"}]],"description":"Checkpoint host interfaces.","description_kind":"plain","computed":true},"ipv4_address":{"type":"string","description":"IPv4 address.","description_kind":"plain","computed":true},"ipv6_address":{"type":"string","description":"IPv6 address.","description_kind":"plain","computed":true},"logs_settings":{"type":["map","string"],"description":"Logs settings.","description_kind":"plain","computed":true},"management_blades":{"type":["map","string"],"description":"Management blades.","description_kind":"plain","optional":true},"name":{"type":"string","description":"Object name.","description_kind":"plain","optional":true},"nat_settings":{"type":["map","string"],"description":"NAT settings.","description_kind":"plain","computed":true},"os":{"type":"string","description":"Operating system name.","description_kind":"plain","computed":true},"save_logs_locally":{"type":"bool","description":"Enable save logs locally.","description_kind":"plain","computed":true},"send_alerts_to_server":{"type":["set","string"],"description":"Collection of Server(s) to send alerts to identified by the name or UID.","description_kind":"plain","computed":true},"send_logs_to_backup_server":{"type":["set","string"],"description":"Collection of Backup server(s) to send logs to identified by the name or UID.","description_kind":"plain","computed":true},"send_logs_to_server":{"type":["set","string"],"description":"Collection of Server(s) to send logs to identified by the name or UID.","description_kind":"plain","computed":true},"sic_name":{"type":"string","description":"Name of the Secure Internal Connection Trust.","description_kind":"plain","computed":true},"sic_state":{"type":"string","description":"State the Secure Internal Connection Trust.","description_kind":"plain","computed":true},"tags":{"type":["set","string"],"description":"Collection of tag identifiers.","description_kind":"plain","computed":true},"uid":{"type":"string","description":"Object unique identifier.","description_kind":"plain","optional":true},"version":{"type":"string","description":"Checkpoint host platform version.","description_kind":"plain","computed":true}},"description_kind":"plain"}},"checkpoint_management_data_access_layer":{"version":0,"block":{"attributes":{"applications_and_url_filtering":{"type":"bool","description":"Whether to enable Applications \u0026 URL Filtering blade on the layer.","description_kind":"plain","computed":true},"color":{"type":"string","description":"Color of the object. Should be one of existing colors.","description_kind":"plain","computed":true},"comments":{"type":"string","description":"Comments string.","description_kind":"plain","computed":true},"content_awareness":{"type":"bool","description":"Whether to enable Content Awareness blade on the layer.","description_kind":"plain","computed":true},"detect_using_x_forward_for":{"type":"bool","description":"Whether to use X-Forward-For HTTP header, which is added by the  proxy server to keep track of the original source IP.","description_kind":"plain","computed":true},"firewall":{"type":"bool","description":"Whether to enable Firewall blade on the layer.","description_kind":"plain","computed":true},"id":{"type":"string","description_kind":"plain","optional":true,"computed":true},"implicit_cleanup_action":{"type":"string","description":"The default \"catch-all\" action for traffic that does not match any explicit or implied rules in the layer.","description_kind":"plain","computed":true},"mobile_access":{"type":"bool","description":"Whether to enable Mobile Access blade on the layer.","description_kind":"plain","computed":true},"name":{"type":"string","description":"Object name.","description_kind":"plain","optional":true},"shared":{"type":"bool","description":"Whether this layer is shared.","description_kind":"plain","computed":true},"tags":{"type":["set","string"],"description":"Collection of tag identifiers.","description_kind":"plain","computed":true},"uid":{"type":"string","description":"Object unique identifier.","description_kind":"plain","optional":true}},"description_kind":"plain"}},"checkpoint_management_data_access_role":{"version":0,"block":{"attributes":{"color":{"type":"string","description":"Color of the object. Should be one of existing colors.","description_kind":"plain","computed":true},"comments":{"type":"string","description":"Comments string.","description_kind":"plain","computed":true},"id":{"type":"string","description_kind":"plain","optional":true,"computed":true},"machines":{"type":["list",["object",{"base_dn":"string","selection":["set","string"],"source":"string"}]],"description":"Machines that can access the system.","description_kind":"plain","computed":true},"name":{"type":"string","description":"Object name.","description_kind":"plain","optional":true},"networks":{"type":["set","string"],"description":"Collection of Network objects identified by the name or UID that can access the system.","description_kind":"plain","computed":true},"remote_access_clients":{"type":"string","description":"Remote access clients identified by name or UID.","description_kind":"plain","computed":true},"tags":{"type":["set","string"],"description":"Collection of tag identifiers.","description_kind":"plain","computed":true},"uid":{"type":"string","description":"Object unique identifier.","description_kind":"plain","optional":true},"users":{"type":["list",["object",{"base_dn":"string","selection":["set","string"],"source":"string"}]],"description":"Users that can access the system.","description_kind":"plain","computed":true}},"description_kind":"plain"}},"checkpoint_management_data_access_rule":{"version":0,"block":{"attributes":{"action":{"type":"string","description":"\"Accept\", \"Drop\", \"Ask\", \"Inform\", \"Reject\", \"User Auth\", \"Client Auth\", \"Apply Layer\".","description_kind":"plain","computed":true},"action_settings":{"type":["map","string"],"description":"Action settings.","description_kind":"plain","computed":true},"comments":{"type":"string","description":"Comments string.","description_kind":"plain","computed":true},"content":{"type":["set","string"],"description":"List of processed file types that this rule applies on.","description_kind":"plain","computed":true},"content_direction":{"type":"string","description":"On which direction the file types processing is applied.","description_kind":"plain","computed":true},"content_negate":{"type":"bool","description":"True if negate is set for data.","description_kind":"plain","computed":true},"custom_fields":{"type":["map","string"],"description":"Custom fields.","description_kind":"plain","computed":true},"destination":{"type":["set","string"],"description":"Collection of Network objects identified by the name or UID.","description_kind":"plain","computed":true},"destination_negate":{"type":"bool","description":"True if negate is set for destination.","description_kind":"plain","computed":true},"enabled":{"type":"bool","description":"Enable/Disable the rule.","description_kind":"plain","computed":true},"id":{"type":"string","description_kind":"plain","optional":true,"computed":true},"inline_layer":{"type":"string","description":"Inline Layer identified by the name or UID. Relevant only if \"Action\" was set to \"Apply Layer\".","description_kind":"plain","computed":true},"install_on":{"type":["set","string"],"description":"Which Gateways identified by the name or UID to install the policy on.","description_kind":"plain","computed":true},"layer":{"type":"string","description":"Layer that the rule belongs to identified by the name or UID.","description_kind":"plain","required":true},"name":{"type":"string","description":"Object name.","description_kind":"plain","optional":true},"service":{"type":["set","string"],"description":"Collection of Network objects identified by the name or UID.","description_kind":"plain","computed":true},"service_negate":{"type":"bool","description":"True if negate is set for service.","description_kind":"plain","computed":true},"source":{"type":["set","string"],"description":"Collection of Network objects identified by the name or UID.","description_kind":"plain","computed":true},"source_negate":{"type":"bool","description":"True if negate is set for source.","description_kind":"plain","computed":true},"time":{"type":["set","string"],"description":"List of time objects. For example: \"Weekend\", \"Off-Work\", \"Every-Day\".","description_kind":"plain","computed":true},"track":{"type":["map","string"],"description":"Track Settings.","description_kind":"plain","computed":true},"uid":{"type":"string","description":"Object unique identifier.","description_kind":"plain","optional":true},"user_check":{"type":["list",["object",{"confirm":"string","custom_frequency":["list",["object",{"every":"number","unit":"string"}]],"frequency":"string","interaction":"string"}]],"description":"User check settings.","description_kind":"plain","computed":true},"vpn":{"type":"string","description":"Communities or Directional.","description_kind":"plain","computed":true}},"description_kind":"plain"}},"checkpoint_management_data_access_section":{"version":0,"block":{"attributes":{"id":{"type":"string","description_kind":"plain","optional":true,"computed":true},"layer":{"type":"string","description":"Layer that the rule belongs to identified by the name or UID.","description_kind":"plain","required":true},"name":{"type":"string","description":"Object name.","description_kind":"plain","optional":true},"uid":{"type":"string","description":"Object unique identifier.","description_kind":"plain","optional":true}},"description_kind":"plain"}},"checkpoint_management_data_address_range":{"version":0,"block":{"attributes":{"color":{"type":"string","description":"Color of the object. Should be one of existing colors.","description_kind":"plain","computed":true},"comments":{"type":"string","description":"Comments string.","description_kind":"plain","computed":true},"groups":{"type":["set","string"],"description":"Collection of group identifiers.","description_kind":"plain","computed":true},"id":{"type":"string","description_kind":"plain","optional":true,"computed":true},"ipv4_address_first":{"type":"string","description":"First IPv4 address in the range.","description_kind":"plain","computed":true},"ipv4_address_last":{"type":"string","description":"Last IPv4 address in the range.","description_kind":"plain","computed":true},"ipv6_address_first":{"type":"string","description":"First IPv6 address in the range.","description_kind":"plain","computed":true},"ipv6_address_last":{"type":"string","description":"Last IPv6 address in the range.","description_kind":"plain","computed":true},"name":{"type":"string","description":"Object name. Should be unique in the domain.","description_kind":"plain","optional":true},"nat_settings":{"type":["map","string"],"description":"NAT settings.","description_kind":"plain","computed":true},"tags":{"type":["set","string"],"description":"Collection of tag identifiers.","description_kind":"plain","computed":true},"uid":{"type":"string","description":"Object unique identifier.","description_kind":"plain","optional":true}},"description_kind":"plain"}},"checkpoint_management_data_application_site":{"version":0,"block":{"attributes":{"additional_categories":{"type":["set","string"],"description":"Used to configure or edit the additional categories of a custom application / site used in the Application and URL Filtering or Threat Prevention.","description_kind":"plain","computed":true},"application_signature":{"type":"string","description":"Application signature generated by \u003ca href=\"https://supportcenter.checkpoint.com/supportcenter/portal?eventSubmit_doGoviewsolutiondetails=\u0026solutionid=sk103051\"\u003eSignature Tool\u003c/a\u003e.","description_kind":"plain","computed":true},"color":{"type":"string","description":"Color of the object. Should be one of existing colors.","description_kind":"plain","computed":true},"comments":{"type":"string","description":"Comments string.","description_kind":"plain","computed":true},"description":{"type":"string","description":"A description for the application.","description_kind":"plain","computed":true},"groups":{"type":["set","string"],"description":"Collection of group identifiers.","description_kind":"plain","computed":true},"id":{"type":"string","description_kind":"plain","optional":true,"computed":true},"name":{"type":"string","description":"Object name.","description_kind":"plain","optional":true},"primary_category":{"type":"string","description":"Each application is assigned to one primary category based on its most defining aspect.","description_kind":"plain","computed":true},"tags":{"type":["set","string"],"description":"Collection of tag identifiers.","description_kind":"plain","computed":true},"uid":{"type":"string","description":"Object unique identifier.","description_kind":"plain","optional":true},"url_list":{"type":["set","string"],"description":"URLs that determine this particular application.","description_kind":"plain","computed":true},"urls_defined_as_regular_expression":{"type":"bool","description":"States whether the URL is defined as a Regular Expression or not.","description_kind":"plain","computed":true}},"description_kind":"plain"}},"checkpoint_management_data_application_site_category":{"version":0,"block":{"attributes":{"color":{"type":"string","description":"Color of the object. Should be one of existing colors.","description_kind":"plain","computed":true},"comments":{"type":"string","description":"Comments string.","description_kind":"plain","computed":true},"description":{"type":"string","description":"N/A","description_kind":"plain","computed":true},"groups":{"type":["set","string"],"description":"Collection of group identifiers.","description_kind":"plain","computed":true},"id":{"type":"string","description_kind":"plain","optional":true,"computed":true},"name":{"type":"string","description":"Object name.","description_kind":"plain","optional":true},"tags":{"type":["set","string"],"description":"Collection of tag identifiers.","description_kind":"plain","computed":true},"uid":{"type":"string","description":"Object unique identifier.","description_kind":"plain","optional":true}},"description_kind":"plain"}},"checkpoint_management_data_application_site_group":{"version":0,"block":{"attributes":{"color":{"type":"string","description":"Color of the object. Should be one of existing colors.","description_kind":"plain","computed":true},"comments":{"type":"string","description":"Comments string.","description_kind":"plain","computed":true},"groups":{"type":["set","string"],"description":"Collection of group identifiers.","description_kind":"plain","computed":true},"id":{"type":"string","description_kind":"plain","optional":true,"computed":true},"members":{"type":["set","string"],"description":"Collection of application and URL filtering objects identified by the name or UID.","description_kind":"plain","computed":true},"name":{"type":"string","description":"Object name.","description_kind":"plain","optional":true},"tags":{"type":["set","string"],"description":"Collection of tag identifiers.","description_kind":"plain","computed":true},"uid":{"type":"string","description":"Object unique identifier.","description_kind":"plain","optional":true}},"description_kind":"plain"}},"checkpoint_management_data_dns_domain":{"version":0,"block":{"attributes":{"color":{"type":"string","description":"Color of the object. Should be one of existing colors.","description_kind":"plain","computed":true},"comments":{"type":"string","description":"Comments string.","description_kind":"plain","computed":true},"id":{"type":"string","description_kind":"plain","optional":true,"computed":true},"is_sub_domain":{"type":"bool","description":"Whether to match sub-domains in addition to the domain itself.","description_kind":"plain","computed":true},"name":{"type":"string","description":"Object name.","description_kind":"plain","optional":true},"tags":{"type":["set","string"],"description":"Collection of tag identifiers.","description_kind":"plain","computed":true},"uid":{"type":"string","description":"Object unique identifier.","description_kind":"plain","optional":true}},"description_kind":"plain"}},"checkpoint_management_data_dynamic_object":{"version":0,"block":{"attributes":{"color":{"type":"string","description":"Color of the object. Should be one of existing colors.","description_kind":"plain","computed":true},"comments":{"type":"string","description":"Comments string.","description_kind":"plain","computed":true},"id":{"type":"string","description_kind":"plain","optional":true,"computed":true},"name":{"type":"string","description":"Object name.","description_kind":"plain","optional":true},"tags":{"type":["set","string"],"description":"Collection of tag identifiers.","description_kind":"plain","computed":true},"uid":{"type":"string","description":"Object unique identifier.","description_kind":"plain","optional":true}},"description_kind":"plain"}},"checkpoint_management_data_exception_group":{"version":0,"block":{"attributes":{"applied_profile":{"type":"string","description":"The threat profile to apply this group to in the case of apply-on threat-rules-with-specific-profile.","description_kind":"plain","computed":true},"apply_on":{"type":"string","description":"An exception group can be set to apply on all threat rules, all threat rules which have a specific profile, or those rules manually chosen by the user.","description_kind":"plain","computed":true},"color":{"type":"string","description":"Color of the object. Should be one of existing colors.","description_kind":"plain","computed":true},"comments":{"type":"string","description":"Comments string.","description_kind":"plain","computed":true},"id":{"type":"string","description_kind":"plain","optional":true,"computed":true},"name":{"type":"string","description":"Object name.","description_kind":"plain","optional":true},"tags":{"type":["set","string"],"description":"Collection of tag identifiers.","description_kind":"plain","computed":true},"uid":{"type":"string","description":"Object unique identifier.","description_kind":"plain","optional":true}},"description_kind":"plain"}},"checkpoint_management_data_group":{"version":0,"block":{"attributes":{"color":{"type":"string","description":"Color of the object. Should be one of existing colors.","description_kind":"plain","computed":true},"comments":{"type":"string","description":"Comments string.","description_kind":"plain","computed":true},"groups":{"type":["set","string"],"description":"Collection of group name.","description_kind":"plain","computed":true},"id":{"type":"string","description_kind":"plain","optional":true,"computed":true},"members":{"type":["set","string"],"description":"Collection of Network objects identified by the name or UID.","description_kind":"plain","computed":true},"name":{"type":"string","description":"Object name. Should be unique in the domain.","description_kind":"plain","optional":true},"tags":{"type":["set","string"],"description":"Collection of tag identifiers.","description_kind":"plain","computed":true},"uid":{"type":"string","description":"Object unique identifier.","description_kind":"plain","optional":true}},"description_kind":"plain"}},"checkpoint_management_data_group_with_exclusion":{"version":0,"block":{"attributes":{"color":{"type":"string","description":"Color of the object. Should be one of existing colors.","description_kind":"plain","computed":true},"comments":{"type":"string","description":"Comments string.","description_kind":"plain","computed":true},"except":{"type":"string","description":"Name or UID of an object which the group excludes.","description_kind":"plain","computed":true},"groups":{"type":["set","string"],"description":"Collection of group identifiers.","description_kind":"plain","computed":true},"id":{"type":"string","description_kind":"plain","optional":true,"computed":true},"include":{"type":"string","description":"Name or UID of an object which the group includes.","description_kind":"plain","computed":true},"name":{"type":"string","description":"Object name.","description_kind":"plain","optional":true},"tags":{"type":["set","string"],"description":"Collection of tag identifiers.","description_kind":"plain","computed":true},"uid":{"type":"string","description":"Object unique identifier.","description_kind":"plain","optional":true}},"description_kind":"plain"}},"checkpoint_management_data_host":{"version":0,"block":{"attributes":{"color":{"type":"string","description":"Color of the object. Should be one of existing colors.","description_kind":"plain","computed":true},"comments":{"type":"string","description":"Comments string.","description_kind":"plain","computed":true},"groups":{"type":["set","string"],"description":"Collection of group identifiers.","description_kind":"plain","computed":true},"host_servers":{"type":["list",["object",{"dns_server":"bool","mail_server":"bool","web_server":"bool","web_server_config":["list",["object",{"additional_ports":["set","string"],"application_engines":["set","string"],"listen_standard_port":"bool","operating_system":"string","protected_by":"string"}]]}]],"description":"Servers Configuration.","description_kind":"plain","computed":true},"id":{"type":"string","description_kind":"plain","optional":true,"computed":true},"interfaces":{"type":["list",["object",{"color":"string","comments":"string","mask_length4":"number","mask_length6":"number","name":"string","subnet4":"string","subnet6":"string"}]],"description":"Host interfaces.","description_kind":"plain","computed":true},"ipv4_address":{"type":"string","description":"IPv4 address.","description_kind":"plain","computed":true},"ipv6_address":{"type":"string","description":"IPv6 address.","description_kind":"plain","computed":true},"name":{"type":"string","description":"Object name.","description_kind":"plain","optional":true},"nat_settings":{"type":["map","string"],"description":"NAT settings.","description_kind":"plain","computed":true},"tags":{"type":["set","string"],"description":"Collection of tag identifiers.","description_kind":"plain","computed":true},"uid":{"type":"string","description":"Object unique identifier.","description_kind":"plain","optional":true}},"description_kind":"plain"}},"checkpoint_management_data_https_layer":{"version":0,"block":{"attributes":{"color":{"type":"string","description":"Color of the object. Should be one of existing colors.","description_kind":"plain","computed":true},"comments":{"type":"string","description":"Comments string.","description_kind":"plain","computed":true},"id":{"type":"string","description_kind":"plain","optional":true,"computed":true},"name":{"type":"string","description":"Object name.","description_kind":"plain","optional":true},"shared":{"type":"bool","description":"Define the Layer as Shared (TRUE/FALSE).","description_kind":"plain","computed":true},"tags":{"type":["set","string"],"description":"Collection of tag identifiers.","description_kind":"plain","computed":true},"uid":{"type":"string","description":"Object unique identifier.","description_kind":"plain","optional":true}},"description_kind":"plain"}},"checkpoint_management_data_https_rule":{"version":0,"block":{"attributes":{"action":{"type":"string","description":"Rule inspect level. \"Bypass\" or \"Inspect\".","description_kind":"plain","computed":true},"blade":{"type":["set","string"],"description":"Blades for HTTPS Inspection. Identified by Name or UID to enable the inspection for. \"Anti Bot\",\"Anti Virus\",\"Application Control\",\"Data Awareness\",\"DLP\",\"IPS\",\"Threat Emulation\",\"Url Filtering\".","description_kind":"plain","computed":true},"certificate":{"type":"string","description":"Internal Server Certificate identified by Name or UID, otherwise, \"Outbound Certificate\" is a default value.","description_kind":"plain","computed":true},"comments":{"type":"string","description":"Comments string.","description_kind":"plain","computed":true},"destination":{"type":["set","string"],"description":"Collection of Network objects identified by Name or UID that represents connection destination.","description_kind":"plain","computed":true},"destination_negate":{"type":"bool","description":"TRUE if \"negate\" value is set for Destination.","description_kind":"plain","computed":true},"enabled":{"type":"bool","description":"Enable/Disable the rule.","description_kind":"plain","computed":true},"id":{"type":"string","description_kind":"plain","optional":true,"computed":true},"install_on":{"type":["set","string"],"description":"Which Gateways identified by the name or UID to install the policy on.","description_kind":"plain","computed":true},"layer":{"type":"string","description":"Layer that holds the Object. Identified by the Name or UID.","description_kind":"plain","required":true},"name":{"type":"string","description":"Object name.","description_kind":"plain","computed":true},"rule_number":{"type":"string","description":"HTTPS rule number.","description_kind":"plain","optional":true},"service":{"type":["set","string"],"description":"Collection of Network objects identified by Name or UID that represents connection service.","description_kind":"plain","computed":true},"service_negate":{"type":"bool","description":"TRUE if \"negate\" value is set for Service.","description_kind":"plain","computed":true},"site_category":{"type":["set","string"],"description":"Collection of Site Categories objects identified by the name or UID.","description_kind":"plain","computed":true},"site_category_negate":{"type":"bool","description":"TRUE if \"negate\" value is set for Site Category.","description_kind":"plain","computed":true},"source":{"type":["set","string"],"description":"Collection of Network objects identified by Name or UID that represents connection source.","description_kind":"plain","computed":true},"source_negate":{"type":"bool","description":"TRUE if \"negate\" value is set for Source.","description_kind":"plain","computed":true},"track":{"type":"string","description":"\"None\",\"Log\",\"Alert\",\"Mail\",\"SNMP trap\",\"Mail\",\"User Alert\", \"User Alert 2\", \"User Alert 3\".","description_kind":"plain","computed":true},"uid":{"type":"string","description":"Object unique identifier.","description_kind":"plain","optional":true}},"description_kind":"plain"}},"checkpoint_management_data_https_section":{"version":0,"block":{"attributes":{"id":{"type":"string","description_kind":"plain","optional":true,"computed":true},"layer":{"type":"string","description":"Layer that holds the Object. Identified by the Name or UID.","description_kind":"plain","required":true},"name":{"type":"string","description":"Object name.","description_kind":"plain","optional":true},"uid":{"type":"string","description":"Object unique identifier.","description_kind":"plain","optional":true}},"description_kind":"plain"}},"checkpoint_management_data_multicast_address_range":{"version":0,"block":{"attributes":{"color":{"type":"string","description":"Color of the object. Should be one of existing colors.","description_kind":"plain","computed":true},"comments":{"type":"string","description":"Comments string.","description_kind":"plain","computed":true},"groups":{"type":["set","string"],"description":"Collection of group identifiers.","description_kind":"plain","computed":true},"id":{"type":"string","description_kind":"plain","optional":true,"computed":true},"ipv4_address":{"type":"string","description":"IPv4 address.","description_kind":"plain","computed":true},"ipv4_address_first":{"type":"string","description":"First IPv4 address in the range.","description_kind":"plain","computed":true},"ipv4_address_last":{"type":"string","description":"Last IPv4 address in the range.","description_kind":"plain","computed":true},"ipv6_address":{"type":"string","description":"IPv6 address.","description_kind":"plain","computed":true},"ipv6_address_first":{"type":"string","description":"First IPv6 address in the range.","description_kind":"plain","computed":true},"ipv6_address_last":{"type":"string","description":"Last IPv6 address in the range.","description_kind":"plain","computed":true},"name":{"type":"string","description":"Object name.","description_kind":"plain","optional":true},"tags":{"type":["set","string"],"description":"Collection of tag identifiers.","description_kind":"plain","computed":true},"uid":{"type":"string","description":"Object unique identifier.","description_kind":"plain","optional":true}},"description_kind":"plain"}},"checkpoint_management_data_network":{"version":0,"block":{"attributes":{"broadcast":{"type":"string","description":"Allow broadcast address inclusion.","description_kind":"plain","computed":true},"color":{"type":"string","description":"Color of the object. Should be one of existing colors.","description_kind":"plain","computed":true},"comments":{"type":"string","description":"Comments string.","description_kind":"plain","computed":true},"groups":{"type":["set","string"],"description":"Collection of group identifiers.","description_kind":"plain","optional":true},"id":{"type":"string","description_kind":"plain","optional":true,"computed":true},"mask_length4":{"type":"number","description":"IPv4 network mask length.","description_kind":"plain","computed":true},"mask_length6":{"type":"number","description":"IPv6 network mask length.","description_kind":"plain","computed":true},"name":{"type":"string","description":"Object name. Should be unique in the domain.","description_kind":"plain","optional":true},"nat_settings":{"type":["map","string"],"description":"NAT settings.","description_kind":"plain","computed":true},"subnet4":{"type":"string","description":"IPv4 network address.","description_kind":"plain","computed":true},"subnet6":{"type":"string","description":"IPv6 network address.","description_kind":"plain","computed":true},"tags":{"type":["set","string"],"description":"Collection of tag identifiers.","description_kind":"plain","computed":true},"uid":{"type":"string","description":"Object unique identifier.","description_kind":"plain","optional":true}},"description_kind":"plain"}},"checkpoint_management_data_opsec_application":{"version":0,"block":{"attributes":{"color":{"type":"string","description":"Color of the object. Should be one of existing colors.","description_kind":"plain","computed":true},"comments":{"type":"string","description":"Comments string.","description_kind":"plain","computed":true},"cpmi":{"type":["map","string"],"description":"Used to setup the CPMI client entity.","description_kind":"plain","computed":true},"id":{"type":"string","description_kind":"plain","optional":true,"computed":true},"lea":{"type":["map","string"],"description":"Used to setup the LEA client entity.","description_kind":"plain","computed":true},"name":{"type":"string","description":"Object name.","description_kind":"plain","optional":true},"tags":{"type":["set","string"],"description":"Collection of tag identifiers.","description_kind":"plain","computed":true},"uid":{"type":"string","description":"Object unique identifier.","description_kind":"plain","optional":true}},"description_kind":"plain"}},"checkpoint_management_data_package":{"version":0,"block":{"attributes":{"access":{"type":"bool","description":"True - enables, False - disables access \u0026 NAT policies, empty - nothing is changed.","description_kind":"plain","computed":true},"color":{"type":"string","description":"Color of the object. Should be one of existing colors.","description_kind":"plain","computed":true},"comments":{"type":"string","description":"Comments string.","description_kind":"plain","computed":true},"desktop_security":{"type":"bool","description":"True - enables, False - disables Desktop security policy, empty - nothing is changed.","description_kind":"plain","computed":true},"id":{"type":"string","description_kind":"plain","optional":true,"computed":true},"installation_targets":{"type":["set","string"],"description":"Which Gateways identified by the name or UID to install the policy on.","description_kind":"plain","computed":true},"name":{"type":"string","description":"Object name. Should be unique in the domain.","description_kind":"plain","optional":true},"qos":{"type":"bool","description":"True - enables, False - disables QoS policy, empty - nothing is changed.","description_kind":"plain","computed":true},"qos_policy_type":{"type":"string","description":"QoS policy type.","description_kind":"plain","computed":true},"tags":{"type":["set","string"],"description":"Collection of tag identifiers.","description_kind":"plain","computed":true},"threat_prevention":{"type":"bool","description":"True - enables, False - disables Threat policy, empty - nothing is changed.","description_kind":"plain","computed":true},"uid":{"type":"string","description":"Object unique identifier.","description_kind":"plain","optional":true},"vpn_traditional_mode":{"type":"bool","description":"True - enables, False - disables VPN traditional mode, empty - nothing is changed.","description_kind":"plain","computed":true}},"description_kind":"plain"}},"checkpoint_management_data_security_zone":{"version":0,"block":{"attributes":{"color":{"type":"string","description":"Color of the object. Should be one of existing colors.","description_kind":"plain","computed":true},"comments":{"type":"string","description":"Comments string.","description_kind":"plain","computed":true},"id":{"type":"string","description_kind":"plain","optional":true,"computed":true},"name":{"type":"string","description":"Object name.","description_kind":"plain","optional":true},"tags":{"type":["set","string"],"description":"Collection of tag identifiers.","description_kind":"plain","computed":true},"uid":{"type":"string","description":"Object unique identifier.","description_kind":"plain","optional":true}},"description_kind":"plain"}},"checkpoint_management_data_service_dce_rpc":{"version":0,"block":{"attributes":{"color":{"type":"string","description":"Color of the object. Should be one of existing colors.","description_kind":"plain","computed":true},"comments":{"type":"string","description":"Comments string.","description_kind":"plain","computed":true},"groups":{"type":["set","string"],"description":"Collection of group identifiers.","description_kind":"plain","computed":true},"id":{"type":"string","description_kind":"plain","optional":true,"computed":true},"interface_uuid":{"type":"string","description":"Network interface UUID.","description_kind":"plain","computed":true},"keep_connections_open_after_policy_installation":{"type":"bool","description":"Keep connections open after policy has been installed even if they are not allowed under the new policy. This overrides the settings in the Connection Persistence page. If you change this property, the change will not affect open connections, but only future connections.","description_kind":"plain","computed":true},"name":{"type":"string","description":"Object name.","description_kind":"plain","optional":true},"tags":{"type":["set","string"],"description":"Collection of tag identifiers.","description_kind":"plain","computed":true},"uid":{"type":"string","description":"Object unique identifier.","description_kind":"plain","optional":true}},"description_kind":"plain"}},"checkpoint_management_data_service_group":{"version":0,"block":{"attributes":{"color":{"type":"string","description":"Color of the object. Should be one of existing colors.","description_kind":"plain","computed":true},"comments":{"type":"string","description":"Comments string.","description_kind":"plain","computed":true},"groups":{"type":["set","string"],"description":"Collection of group name.","description_kind":"plain","computed":true},"id":{"type":"string","description_kind":"plain","optional":true,"computed":true},"members":{"type":["set","string"],"description":"Collection of Network objects identified by the name or UID.","description_kind":"plain","computed":true},"name":{"type":"string","description":"Object name. Should be unique in the domain.","description_kind":"plain","optional":true},"tags":{"type":["set","string"],"description":"Collection of tag identifiers.","description_kind":"plain","computed":true},"uid":{"type":"string","description":"Object unique identifier.","description_kind":"plain","optional":true}},"description_kind":"plain"}},"checkpoint_management_data_service_icmp":{"version":0,"block":{"attributes":{"color":{"type":"string","description":"Color of the object. Should be one of existing colors.","description_kind":"plain","computed":true},"comments":{"type":"string","description":"Comments string.","description_kind":"plain","computed":true},"groups":{"type":["set","string"],"description":"Collection of group identifiers.","description_kind":"plain","computed":true},"icmp_code":{"type":"number","description":"As listed in: \u003ca href=\"http://www.iana.org/assignments/icmp-parameters\" target=\"_blank\"\u003eRFC 792\u003c/a\u003e.","description_kind":"plain","computed":true},"icmp_type":{"type":"number","description":"As listed in: \u003ca href=\"http://www.iana.org/assignments/icmp-parameters\" target=\"_blank\"\u003eRFC 792\u003c/a\u003e.","description_kind":"plain","computed":true},"id":{"type":"string","description_kind":"plain","optional":true,"computed":true},"keep_connections_open_after_policy_installation":{"type":"bool","description":"Keep connections open after policy has been installed even if they are not allowed under the new policy. This overrides the settings in the Connection Persistence page. If you change this property, the change will not affect open connections, but only future connections.","description_kind":"plain","computed":true},"name":{"type":"string","description":"Object name.","description_kind":"plain","optional":true},"tags":{"type":["set","string"],"description":"Collection of tag identifiers.","description_kind":"plain","computed":true},"uid":{"type":"string","description":"Object unique identifier.","description_kind":"plain","optional":true}},"description_kind":"plain"}},"checkpoint_management_data_service_icmp6":{"version":0,"block":{"attributes":{"color":{"type":"string","description":"Color of the object. Should be one of existing colors.","description_kind":"plain","computed":true},"comments":{"type":"string","description":"Comments string.","description_kind":"plain","computed":true},"groups":{"type":["set","string"],"description":"Collection of group identifiers.","description_kind":"plain","computed":true},"icmp_code":{"type":"number","description":"As listed in: \u003ca href=\"http://www.iana.org/assignments/icmp-parameters\" target=\"_blank\"\u003eRFC 792\u003c/a\u003e.","description_kind":"plain","computed":true},"icmp_type":{"type":"number","description":"As listed in: \u003ca href=\"http://www.iana.org/assignments/icmp-parameters\" target=\"_blank\"\u003eRFC 792\u003c/a\u003e.","description_kind":"plain","computed":true},"id":{"type":"string","description_kind":"plain","optional":true,"computed":true},"keep_connections_open_after_policy_installation":{"type":"bool","description":"Keep connections open after policy has been installed even if they are not allowed under the new policy. This overrides the settings in the Connection Persistence page. If you change this property, the change will not affect open connections, but only future connections.","description_kind":"plain","computed":true},"name":{"type":"string","description":"Object name.","description_kind":"plain","optional":true},"tags":{"type":["set","string"],"description":"Collection of tag identifiers.","description_kind":"plain","computed":true},"uid":{"type":"string","description":"Object unique identifier.","description_kind":"plain","optional":true}},"description_kind":"plain"}},"checkpoint_management_data_service_other":{"version":0,"block":{"attributes":{"accept_replies":{"type":"bool","description":"Specifies whether Other Service replies are to be accepted.","description_kind":"plain","computed":true},"action":{"type":"string","description":"Contains an INSPECT expression that defines the action to take if a rule containing this service is matched. Example: set r_mhandler \u0026open_ssl_handler sets a handler on the connection.","description_kind":"plain","computed":true},"aggressive_aging":{"type":["map","string"],"description":"Sets short (aggressive) timeouts for idle connections.","description_kind":"plain","computed":true},"color":{"type":"string","description":"Color of the object. Should be one of existing colors.","description_kind":"plain","computed":true},"comments":{"type":"string","description":"Comments string.","description_kind":"plain","optional":true},"groups":{"type":["set","string"],"description":"Collection of group identifiers.","description_kind":"plain","computed":true},"id":{"type":"string","description_kind":"plain","optional":true,"computed":true},"ip_protocol":{"type":"number","description":"IP protocol number.","description_kind":"plain","computed":true},"keep_connections_open_after_policy_installation":{"type":"bool","description":"Keep connections open after policy has been installed even if they are not allowed under the new policy. This overrides the settings in the Connection Persistence page. If you change this property, the change will not affect open connections, but only future connections.","description_kind":"plain","computed":true},"match":{"type":"string","description":"Contains an INSPECT expression that defines the matching criteria. The connection is examined against the expression during the first packet. Example: tcp, dport = 21, direction = 0 matches incoming FTP control connections.","description_kind":"plain","computed":true},"match_for_any":{"type":"bool","description":"Indicates whether this service is used when 'Any' is set as the rule's service and there are several service objects with the same source port and protocol.","description_kind":"plain","computed":true},"name":{"type":"string","description":"Object name.","description_kind":"plain","optional":true},"override_default_settings":{"type":"bool","description":"Indicates whether this service is a Data Domain service which has been overridden.","description_kind":"plain","computed":true},"session_timeout":{"type":"number","description":"Time (in seconds) before the session times out.","description_kind":"plain","computed":true},"sync_connections_on_cluster":{"type":"bool","description":"Enables state-synchronized High Availability or Load Sharing on a ClusterXL or OPSEC-certified cluster.","description_kind":"plain","computed":true},"tags":{"type":["set","string"],"description":"Collection of tag identifiers.","description_kind":"plain","computed":true},"uid":{"type":"string","description":"Object unique identifier.","description_kind":"plain","optional":true},"use_default_session_timeout":{"type":"bool","description":"Use default virtual session timeout.","description_kind":"plain","computed":true}},"description_kind":"plain"}},"checkpoint_management_data_service_rpc":{"version":0,"block":{"attributes":{"color":{"type":"string","description":"Color of the object. Should be one of existing colors.","description_kind":"plain","computed":true},"comments":{"type":"string","description":"Comments string.","description_kind":"plain","computed":true},"groups":{"type":["set","string"],"description":"Collection of group identifiers.","description_kind":"plain","computed":true},"id":{"type":"string","description_kind":"plain","optional":true,"computed":true},"keep_connections_open_after_policy_installation":{"type":"bool","description":"Keep connections open after policy has been installed even if they are not allowed under the new policy. This overrides the settings in the Connection Persistence page. If you change this property, the change will not affect open connections, but only future connections.","description_kind":"plain","computed":true},"name":{"type":"string","description":"Object name.","description_kind":"plain","optional":true},"program_number":{"type":"number","description":"N/A","description_kind":"plain","computed":true},"tags":{"type":["set","string"],"description":"Collection of tag identifiers.","description_kind":"plain","computed":true},"uid":{"type":"string","description":"Object unique identifier.","description_kind":"plain","optional":true}},"description_kind":"plain"}},"checkpoint_management_data_service_sctp":{"version":0,"block":{"attributes":{"aggressive_aging":{"type":["map","string"],"description":"Sets short (aggressive) timeouts for idle connections.","description_kind":"plain","computed":true},"color":{"type":"string","description":"Color of the object. Should be one of existing colors.","description_kind":"plain","computed":true},"comments":{"type":"string","description":"Comments string.","description_kind":"plain","computed":true},"groups":{"type":["set","string"],"description":"Collection of group identifiers.","description_kind":"plain","computed":true},"id":{"type":"string","description_kind":"plain","optional":true,"computed":true},"keep_connections_open_after_policy_installation":{"type":"bool","description":"Keep connections open after policy has been installed even if they are not allowed under the new policy. This overrides the settings in the Connection Persistence page. If you change this property, the change will not affect open connections, but only future connections.","description_kind":"plain","computed":true},"match_for_any":{"type":"bool","description":"Indicates whether this service is used when 'Any' is set as the rule's service and there are several service objects with the same source port and protocol.","description_kind":"plain","computed":true},"name":{"type":"string","description":"Object name.","description_kind":"plain","optional":true},"port":{"type":"string","description":"Port number. To specify a port range add a hyphen between the lowest and the highest port numbers, for example 44-45.","description_kind":"plain","computed":true},"session_timeout":{"type":"number","description":"Time (in seconds) before the session times out.","description_kind":"plain","computed":true},"source_port":{"type":"string","description":"Source port number. To specify a port range add a hyphen between the lowest and the highest port numbers, for example 44-45.","description_kind":"plain","computed":true},"sync_connections_on_cluster":{"type":"bool","description":"Enables state-synchronized High Availability or Load Sharing on a ClusterXL or OPSEC-certified cluster.","description_kind":"plain","computed":true},"tags":{"type":["set","string"],"description":"Collection of tag identifiers.","description_kind":"plain","computed":true},"uid":{"type":"string","description":"Object unique identifier.","description_kind":"plain","optional":true},"use_default_session_timeout":{"type":"bool","description":"Use default virtual session timeout.","description_kind":"plain","computed":true}},"description_kind":"plain"}},"checkpoint_management_data_service_tcp":{"version":0,"block":{"attributes":{"aggressive_aging":{"type":["map","string"],"description":"Sets short (aggressive) timeouts for idle connections.","description_kind":"plain","computed":true},"color":{"type":"string","description":"Color of the object. Should be one of existing colors.","description_kind":"plain","computed":true},"comments":{"type":"string","description":"Comments string.","description_kind":"plain","computed":true},"groups":{"type":["set","string"],"description":"Collection of group name.","description_kind":"plain","computed":true},"id":{"type":"string","description_kind":"plain","optional":true,"computed":true},"keep_connections_open_after_policy_installation":{"type":"bool","description":"Keep connections open after policy has been installed even if they are not allowed under the new policy. This overrides the settings in the Connection Persistence page. If you change this property, the change will not affect open connections, but only future connections.","description_kind":"plain","computed":true},"match_by_protocol_signature":{"type":"bool","description":"A value of true enables matching by the selected protocol's signature - the signature identifies the protocol as genuine. Select this option to limit the port to the specified protocol. If the selected protocol does not support matching by signature, this field cannot be set to true.","description_kind":"plain","computed":true},"match_for_any":{"type":"bool","description":"Indicates whether this service is used when 'Any' is set as the rule's service and there are several service objects with the same source port and protocol.","description_kind":"plain","computed":true},"name":{"type":"string","description":"Object name. Should be unique in the domain.","description_kind":"plain","optional":true},"override_default_settings":{"type":"bool","description":"Indicates whether this service is a Data Domain service which has been overridden.","description_kind":"plain","computed":true},"port":{"type":"string","description":"The number of the port used to provide this service. To specify a port range, place a hyphen between the lowest and highest port numbers, for example 44-55.","description_kind":"plain","computed":true},"protocol":{"type":"string","description":"Select the protocol type associated with the service, and by implication, the management server (if any) that enforces Content Security and Authentication for the service. Selecting a Protocol Type invokes the specific protocol handlers for each protocol type, thus enabling higher level of security by parsing the protocol, and higher level of connectivity by tracking dynamic actions (such as opening of ports).","description_kind":"plain","computed":true},"session_timeout":{"type":"number","description":"Time (in seconds) before the session times out.","description_kind":"plain","computed":true},"source_port":{"type":"string","description":"Port number for the client side service. If specified, only those Source port Numbers will be Accepted, Dropped, or Rejected during packet inspection. Otherwise, the source port is not inspected.","description_kind":"plain","computed":true},"sync_connections_on_cluster":{"type":"bool","description":"Enables state-synchronized High Availability or Load Sharing on a ClusterXL or OPSEC-certified cluster.","description_kind":"plain","computed":true},"tags":{"type":["set","string"],"description":"Collection of tag identifiers.","description_kind":"plain","computed":true},"uid":{"type":"string","description":"Object unique identifier.","description_kind":"plain","optional":true},"use_default_session_timeout":{"type":"bool","description":"Use default virtual session timeout.","description_kind":"plain","computed":true}},"description_kind":"plain"}},"checkpoint_management_data_service_udp":{"version":0,"block":{"attributes":{"accept_replies":{"type":"bool","description":"N/A","description_kind":"plain","computed":true},"aggressive_aging":{"type":["map","string"],"description":"Sets short (aggressive) timeouts for idle connections.","description_kind":"plain","computed":true},"color":{"type":"string","description":"Color of the object. Should be one of existing colors.","description_kind":"plain","computed":true},"comments":{"type":"string","description":"Comments string.","description_kind":"plain","computed":true},"groups":{"type":["set","string"],"description":"Collection of group name.","description_kind":"plain","computed":true},"id":{"type":"string","description_kind":"plain","optional":true,"computed":true},"keep_connections_open_after_policy_installation":{"type":"bool","description":"Keep connections open after policy has been installed even if they are not allowed under the new policy. This overrides the settings in the Connection Persistence page. If you change this property, the change will not affect open connections, but only future connections.","description_kind":"plain","computed":true},"match_by_protocol_signature":{"type":"bool","description":"A value of true enables matching by the selected protocol's signature - the signature identifies the protocol as genuine. Select this option to limit the port to the specified protocol. If the selected protocol does not support matching by signature, this field cannot be set to true.","description_kind":"plain","computed":true},"match_for_any":{"type":"bool","description":"Indicates whether this service is used when 'Any' is set as the rule's service and there are several service objects with the same source port and protocol.","description_kind":"plain","computed":true},"name":{"type":"string","description":"Object name. Should be unique in the domain.","description_kind":"plain","optional":true},"override_default_settings":{"type":"bool","description":"Indicates whether this service is a Data Domain service which has been overridden.","description_kind":"plain","computed":true},"port":{"type":"string","description":"The number of the port used to provide this service. To specify a port range, place a hyphen between the lowest and highest port numbers, for example 44-55.","description_kind":"plain","computed":true},"protocol":{"type":"string","description":"Select the protocol type associated with the service, and by implication, the management server (if any) that enforces Content Security and Authentication for the service. Selecting a Protocol Type invokes the specific protocol handlers for each protocol type, thus enabling higher level of security by parsing the protocol, and higher level of connectivity by tracking dynamic actions (such as opening of ports).","description_kind":"plain","computed":true},"session_timeout":{"type":"number","description":"Time (in seconds) before the session times out.","description_kind":"plain","computed":true},"source_port":{"type":"string","description":"Port number for the client side service. If specified, only those Source port Numbers will be Accepted, Dropped, or Rejected during packet inspection. Otherwise, the source port is not inspected.","description_kind":"plain","computed":true},"sync_connections_on_cluster":{"type":"bool","description":"Enables state-synchronized High Availability or Load Sharing on a ClusterXL or OPSEC-certified cluster.","description_kind":"plain","computed":true},"tags":{"type":["set","string"],"description":"Collection of tag identifiers.","description_kind":"plain","computed":true},"uid":{"type":"string","description":"Object unique identifier.","description_kind":"plain","optional":true},"use_default_session_timeout":{"type":"bool","description":"Use default virtual session timeout.","description_kind":"plain","computed":true}},"description_kind":"plain"}},"checkpoint_management_data_threat_indicator":{"version":0,"block":{"attributes":{"action":{"type":"string","description":"The indicator's action.","description_kind":"plain","computed":true},"color":{"type":"string","description":"Color of the object. Should be one of existing colors.","description_kind":"plain","computed":true},"comments":{"type":"string","description":"Comments string.","description_kind":"plain","computed":true},"id":{"type":"string","description_kind":"plain","optional":true,"computed":true},"name":{"type":"string","description":"Object name. Should be unique in the domain.","description_kind":"plain","optional":true},"profile_overrides":{"type":["list",["object",{"action":"string","profile":"string"}]],"description":"Profiles in which to override the indicator's default action.","description_kind":"plain","computed":true},"tags":{"type":["set","string"],"description":"Collection of tag identifiers.","description_kind":"plain","computed":true},"uid":{"type":"string","description":"Object unique identifier.","description_kind":"plain","optional":true}},"description_kind":"plain"}},"checkpoint_management_data_time_group":{"version":0,"block":{"attributes":{"color":{"type":"string","description":"Color of the object. Should be one of existing colors.","description_kind":"plain","computed":true},"comments":{"type":"string","description":"Comments string.","description_kind":"plain","computed":true},"groups":{"type":["set","string"],"description":"Collection of group identifiers.","description_kind":"plain","computed":true},"id":{"type":"string","description_kind":"plain","optional":true,"computed":true},"members":{"type":["set","string"],"description":"Collection of Time Group objects identified by the name or UID.","description_kind":"plain","computed":true},"name":{"type":"string","description":"Object name.","description_kind":"plain","optional":true},"tags":{"type":["set","string"],"description":"Collection of tag identifiers.","description_kind":"plain","computed":true},"uid":{"type":"string","description":"Object unique identifier.","description_kind":"plain","optional":true}},"description_kind":"plain"}},"checkpoint_management_data_vpn_community_meshed":{"version":0,"block":{"attributes":{"color":{"type":"string","description":"Color of the object. Should be one of existing colors.","description_kind":"plain","computed":true},"comments":{"type":"string","description":"Comments string.","description_kind":"plain","computed":true},"encryption_method":{"type":"string","description":"The encryption method to be used.","description_kind":"plain","computed":true},"encryption_suite":{"type":"string","description":"The encryption suite to be used.","description_kind":"plain","computed":true},"gateways":{"type":["set","string"],"description":"Collection of Gateway objects identified by the name or UID.","description_kind":"plain","computed":true},"id":{"type":"string","description_kind":"plain","optional":true,"computed":true},"ike_phase_1":{"type":["map","string"],"description":"Ike Phase 1 settings. Only applicable when the encryption-suite is set to [custom].","description_kind":"plain","computed":true},"ike_phase_2":{"type":["map","string"],"description":"Ike Phase 2 settings. Only applicable when the encryption-suite is set to [custom].","description_kind":"plain","computed":true},"name":{"type":"string","description":"Object name.","description_kind":"plain","optional":true},"override_vpn_domains":{"type":["list",["object",{"gateway":"string","vpn_domain":"string"}]],"description":"The Overrides VPN Domains of the participants GWs.","description_kind":"plain","computed":true},"shared_secrets":{"type":["list",["object",{"external_gateway":"string","shared_secret":"string"}]],"description":"Shared secrets for external gateways.","description_kind":"plain","computed":true},"tags":{"type":["set","string"],"description":"Collection of tag identifiers.","description_kind":"plain","computed":true},"uid":{"type":"string","description":"Object unique identifier.","description_kind":"plain","optional":true},"use_shared_secret":{"type":"bool","description":"Indicates whether the shared secret should be used for all external gateways.","description_kind":"plain","computed":true}},"description_kind":"plain"}},"checkpoint_management_data_vpn_community_star":{"version":0,"block":{"attributes":{"center_gateways":{"type":["set","string"],"description":"Collection of Gateway objects representing center gateways identified by the name or UID.","description_kind":"plain","computed":true},"color":{"type":"string","description":"Color of the object. Should be one of existing colors.","description_kind":"plain","computed":true},"comments":{"type":"string","description":"Comments string.","description_kind":"plain","computed":true},"encryption_method":{"type":"string","description":"The encryption method to be used.","description_kind":"plain","computed":true},"encryption_suite":{"type":"string","description":"The encryption suite to be used.","description_kind":"plain","computed":true},"id":{"type":"string","description_kind":"plain","optional":true,"computed":true},"ike_phase_1":{"type":["map","string"],"description":"Ike Phase 1 settings. Only applicable when the encryption-suite is set to [custom].","description_kind":"plain","computed":true},"ike_phase_2":{"type":["map","string"],"description":"Ike Phase 2 settings. Only applicable when the encryption-suite is set to [custom].","description_kind":"plain","computed":true},"mesh_center_gateways":{"type":"bool","description":"Indicates whether the meshed community is in center.","description_kind":"plain","computed":true},"name":{"type":"string","description":"Object name.","description_kind":"plain","optional":true},"override_vpn_domains":{"type":["list",["object",{"gateway":"string","vpn_domain":"string"}]],"description":"The Overrides VPN Domains of the participants GWs.","description_kind":"plain","computed":true},"satellite_gateways":{"type":["set","string"],"description":"Collection of Gateway objects representing satellite gateways identified by the name or UID.","description_kind":"plain","computed":true},"shared_secrets":{"type":["list",["object",{"external_gateway":"string","shared_secret":"string"}]],"description":"Shared secrets for external gateways.","description_kind":"plain","computed":true},"tags":{"type":["set","string"],"description":"Collection of tag identifiers.","description_kind":"plain","computed":true},"uid":{"type":"string","description":"Object unique identifier.","description_kind":"plain","optional":true},"use_shared_secret":{"type":"bool","description":"Indicates whether the shared secret should be used for all external gateways.","description_kind":"plain","computed":true}},"description_kind":"plain"}},"checkpoint_management_data_wildcard":{"version":0,"block":{"attributes":{"color":{"type":"string","description":"Color of the object. Should be one of existing colors.","description_kind":"plain","computed":true},"comments":{"type":"string","description":"Comments string.","description_kind":"plain","computed":true},"groups":{"type":["set","string"],"description":"Collection of group identifiers.","description_kind":"plain","computed":true},"id":{"type":"string","description_kind":"plain","optional":true,"computed":true},"ipv4_address":{"type":"string","description":"IPv4 address.","description_kind":"plain","computed":true},"ipv4_mask_wildcard":{"type":"string","description":"IPv4 mask wildcard.","description_kind":"plain","computed":true},"ipv6_address":{"type":"string","description":"IPv6 address.","description_kind":"plain","computed":true},"ipv6_mask_wildcard":{"type":"string","description":"IPv6 mask wildcard.","description_kind":"plain","computed":true},"name":{"type":"string","description":"Object name.","description_kind":"plain","optional":true},"tags":{"type":["set","string"],"description":"Collection of tag identifiers.","description_kind":"plain","computed":true},"uid":{"type":"string","description":"Object unique identifier.","description_kind":"plain","optional":true}},"description_kind":"plain"}},"checkpoint_management_generic_data_center_server":{"version":0,"block":{"attributes":{"color":{"type":"string","description":"Color of the object. Should be one of existing colors.","description_kind":"plain","computed":true},"comments":{"type":"string","description_kind":"plain","computed":true},"custom_header":{"type":"bool","description":"When set to false, The admin is not using Key and Value for a Custom Header in order to connect to the feed server.\n\nWhen set to true, The admin is using Key and Value for a Custom Header in order to connect to the feed server.","description_kind":"plain","computed":true},"custom_key":{"type":"string","description":"Key for the Custom Header, relevant and required only when custom_header set to true.","description_kind":"plain","computed":true},"custom_value":{"type":"string","description":"Value for the Custom Header, relevant and required only when custom_header set to true.","description_kind":"plain","computed":true},"id":{"type":"string","description_kind":"plain","optional":true,"computed":true},"interval":{"type":"string","description":"Update interval of the feed in seconds.","description_kind":"plain","computed":true},"name":{"type":"string","description":"Object name. Must be unique in the domain.","description_kind":"plain","optional":true},"tags":{"type":["set","string"],"description":"Collection of tag identifiers.","description_kind":"plain","computed":true},"uid":{"type":"string","description":"Object unique identifier.","description_kind":"plain","optional":true},"url":{"type":"string","description":"URL of the JSON feed (e.g. https://example.com/file.json).","description_kind":"plain","computed":true}},"description_kind":"plain"}},"checkpoint_management_gsn_handover_group":{"version":0,"block":{"attributes":{"color":{"type":"string","description":"Color of the object. Should be one of existing colors.","description_kind":"plain","computed":true},"comments":{"type":"string","description":"Comments string.","description_kind":"plain","computed":true},"enforce_gtp":{"type":"bool","description":"Enable enforce GTP signal packet rate limit from this group.","description_kind":"plain","computed":true},"gtp_rate":{"type":"number","description":"Limit of the GTP rate in PDU/sec.","description_kind":"plain","computed":true},"id":{"type":"string","description_kind":"plain","optional":true,"computed":true},"members":{"type":["set","string"],"description":"Collection of GSN handover group members identified by the name or UID.","description_kind":"plain","computed":true},"name":{"type":"string","description":"Object name.","description_kind":"plain","optional":true},"tags":{"type":["set","string"],"description":"Collection of tag identifiers.","description_kind":"plain","computed":true},"uid":{"type":"string","description":"Object unique identifier.","description_kind":"plain","optional":true}},"description_kind":"plain"}},"checkpoint_management_identity_tag":{"version":0,"block":{"attributes":{"color":{"type":"string","description":"Color of the object. Should be one of existing colors.","description_kind":"plain","computed":true},"comments":{"type":"string","description":"Comments string.","description_kind":"plain","computed":true},"external_identifier":{"type":"string","description":"External identifier. For example: Cisco ISE security group tag.","description_kind":"plain","computed":true},"id":{"type":"string","description_kind":"plain","optional":true,"computed":true},"name":{"type":"string","description":"Object name.","description_kind":"plain","optional":true},"tags":{"type":["set","string"],"description":"Collection of tag identifiers.","description_kind":"plain","computed":true},"uid":{"type":"string","description":"Object unique identifier.","description_kind":"plain","optional":true}},"description_kind":"plain"}},"checkpoint_management_mds":{"version":0,"block":{"attributes":{"color":{"type":"string","description":"Color of the object. Should be one of existing colors.","description_kind":"plain","computed":true},"comments":{"type":"string","description":"Comments string.","description_kind":"plain","computed":true},"domains":{"type":["set","string"],"description":"Collection of Domain objects identified by the name or UID.","description_kind":"plain","computed":true},"global_domains":{"type":["set","string"],"description":"Collection of Global domain objects identified by the name or UID.","description_kind":"plain","computed":true},"hardware":{"type":"string","description":"Hardware name. For example: Open server, Smart-1, Other.","description_kind":"plain","computed":true},"id":{"type":"string","description_kind":"plain","optional":true,"computed":true},"ip_pool_first":{"type":"string","description":"First IP address in the range.","description_kind":"plain","computed":true},"ip_pool_last":{"type":"string","description":"Last IP address in the range.","description_kind":"plain","computed":true},"ipv4_address":{"type":"string","description":"IPv4 address.","description_kind":"plain","computed":true},"ipv6_address":{"type":"string","description":"IPv6 address.","description_kind":"plain","computed":true},"name":{"type":"string","description":"Object name.","description_kind":"plain","optional":true},"os":{"type":"string","description":"Operating system name. For example: Gaia, Linux, SecurePlatform.","description_kind":"plain","computed":true},"server_type":{"type":"string","description":"Type of the management server.","description_kind":"plain","computed":true},"sic_name":{"type":"string","description":"Name of the Secure Internal Connection Trust.","description_kind":"plain","computed":true},"sic_state":{"type":"string","description":"State the Secure Internal Connection Trust.","description_kind":"plain","computed":true},"tags":{"type":["set","string"],"description":"Collection of tag identifiers.","description_kind":"plain","computed":true},"uid":{"type":"string","description":"Object unique identifier.","description_kind":"plain","optional":true},"version":{"type":"string","description":"System version.","description_kind":"plain","computed":true}},"description_kind":"plain"}},"checkpoint_management_nat_rule":{"version":0,"block":{"attributes":{"auto_generated":{"type":"bool","description":"Auto generated.","description_kind":"plain","computed":true},"comments":{"type":"string","description":"Comments string.","description_kind":"plain","computed":true},"enabled":{"type":"bool","description":"Enable/Disable the rule.","description_kind":"plain","computed":true},"id":{"type":"string","description_kind":"plain","optional":true,"computed":true},"install_on":{"type":["set","string"],"description":"Which Gateways identified by the name or UID to install the policy on.","description_kind":"plain","computed":true},"method":{"type":"string","description":"Nat method.","description_kind":"plain","computed":true},"name":{"type":"string","description":"Rule name.","description_kind":"plain","optional":true},"original_destination":{"type":"string","description":"Original destination.","description_kind":"plain","computed":true},"original_service":{"type":"string","description":"Original service.","description_kind":"plain","computed":true},"original_source":{"type":"string","description":"Original source.","description_kind":"plain","computed":true},"package":{"type":"string","description":"Name of the package.","description_kind":"plain","required":true},"translated_destination":{"type":"string","description":"Translated destination.","description_kind":"plain","computed":true},"translated_service":{"type":"string","description":"Translated service.","description_kind":"plain","computed":true},"translated_source":{"type":"string","description":"Translated source.","description_kind":"plain","computed":true},"uid":{"type":"string","description":"Rule UID.","description_kind":"plain","optional":true}},"description_kind":"plain"}},"checkpoint_management_nat_section":{"version":0,"block":{"attributes":{"id":{"type":"string","description_kind":"plain","optional":true,"computed":true},"name":{"type":"string","description":"Object name.","description_kind":"plain","optional":true},"package":{"type":"string","description":"Name of the package.","description_kind":"plain","required":true},"uid":{"type":"string","description":"Object unique identifier.","description_kind":"plain","optional":true}},"description_kind":"plain"}},"checkpoint_management_service_citrix_tcp":{"version":0,"block":{"attributes":{"application":{"type":"string","description":"Citrix application name.","description_kind":"plain","computed":true},"color":{"type":"string","description":"Color of the object. Should be one of existing colors.","description_kind":"plain","computed":true},"comments":{"type":"string","description":"Comments string.","description_kind":"plain","computed":true},"id":{"type":"string","description_kind":"plain","optional":true,"computed":true},"name":{"type":"string","description":"Object name.","description_kind":"plain","optional":true},"tags":{"type":["set","string"],"description":"Collection of tag identifiers.","description_kind":"plain","computed":true},"uid":{"type":"string","description":"Object unique identifier.","description_kind":"plain","optional":true}},"description_kind":"plain"}},"checkpoint_management_service_compound_tcp":{"version":0,"block":{"attributes":{"color":{"type":"string","description":"Color of the object. Should be one of existing colors.","description_kind":"plain","computed":true},"comments":{"type":"string","description":"Comments string.","description_kind":"plain","computed":true},"compound_service":{"type":"string","description":"Compound service type.","description_kind":"plain","computed":true},"id":{"type":"string","description_kind":"plain","optional":true,"computed":true},"keep_connections_open_after_policy_installation":{"type":"bool","description":"Keep connections open after policy has been installed even if they are not allowed under the new policy. This overrides the settings in the Connection Persistence page. If you change this property, the change will not affect open connections, but only future connections.","description_kind":"plain","computed":true},"name":{"type":"string","description":"Object name.","description_kind":"plain","optional":true},"tags":{"type":["set","string"],"description":"Collection of tag identifiers.","description_kind":"plain","computed":true},"uid":{"type":"string","description":"Object unique identifier.","description_kind":"plain","optional":true}},"description_kind":"plain"}},"checkpoint_management_show_objects":{"version":0,"block":{"attributes":{"filter":{"type":"string","description":"Search expression to filter objects by. The provided text should be exactly the same as it would be given in Smart Console. The logical operators in the expression ('AND', 'OR') should be provided in capital letters. By default, the search involves both a textual search and a IP search. To use IP search only, set the \"ip-only\" parameter to true.","description_kind":"plain","optional":true},"from":{"type":"number","description":"From which element number the query was done.","description_kind":"plain","computed":true},"id":{"type":"string","description_kind":"plain","optional":true,"computed":true},"ip_only":{"type":"bool","description":"If using \"filter\", use this field to search objects by their IP address only, without involving the textual search.","description_kind":"plain","optional":true},"limit":{"type":"number","description":"The maximal number of returned results.","description_kind":"plain","optional":true},"objects":{"type":["list",["object",{"domain":["map","string"],"name":"string","type":"string","uid":"string"}]],"description":"Objects list","description_kind":"plain","computed":true},"offset":{"type":"number","description":"Number of the results to initially skip.","description_kind":"plain","optional":true},"to":{"type":"number","description":"To which element number the query was done.","description_kind":"plain","computed":true},"total":{"type":"number","description":"Total number of elements returned by the query.","description_kind":"plain","computed":true},"type":{"type":"string","description":"The objects' type, e.g.: host, service-tcp, network, address-range...","description_kind":"plain","optional":true}},"block_types":{"order":{"nesting_mode":"list","block":{"attributes":{"asc":{"type":"string","description":"Sorts results by the given field in ascending order.","description_kind":"plain","optional":true},"desc":{"type":"string","description":"Sorts results by the given field in descending order.","description_kind":"plain","optional":true}},"description_kind":"plain"}}},"description_kind":"plain"}},"checkpoint_management_show_updatable_objects_repository_content":{"version":0,"block":{"attributes":{"filter":{"type":["map","string"],"description":"Return results matching the specified filter.","description_kind":"plain","optional":true},"from":{"type":"number","description":"From which element number the query was done.","description_kind":"plain","computed":true},"id":{"type":"string","description_kind":"plain","optional":true,"computed":true},"limit":{"type":"number","description":"The maximal number of returned results.","description_kind":"plain","optional":true},"objects":{"type":["list",["object",{"additional_properties":["map","string"],"name_in_updatable_objects_repository":"string","uid_in_updatable_objects_repository":"string","updatable_object":["map","string"]}]],"description":"Objects list","description_kind":"plain","computed":true},"offset":{"type":"number","description":"Number of the results to initially skip.","description_kind":"plain","optional":true},"to":{"type":"number","description":"To which element number the query was done.","description_kind":"plain","computed":true},"total":{"type":"number","description":"Total number of elements returned by the query.","description_kind":"plain","computed":true},"uid_in_updatable_objects_repository":{"type":"string","description":"The object's unique identifier in the Updatable Objects repository.","description_kind":"plain","optional":true}},"block_types":{"order":{"nesting_mode":"list","block":{"attributes":{"asc":{"type":"string","description":"Sorts results by the given field in ascending order.","description_kind":"plain","optional":true},"desc":{"type":"string","description":"Sorts results by the given field in descending order.","description_kind":"plain","optional":true}},"description_kind":"plain"}}},"description_kind":"plain"}},"checkpoint_management_simple_cluster":{"version":0,"block":{"attributes":{"anti_bot":{"type":"bool","description":"Anti-Bot blade enabled.","description_kind":"plain","computed":true},"anti_virus":{"type":"bool","description":"Anti-Virus blade enabled.","description_kind":"plain","computed":true},"application_control":{"type":"bool","description":"Application Control blade enabled.","description_kind":"plain","computed":true},"cluster_mode":{"type":"string","description":"Cluster mode.","description_kind":"plain","computed":true},"color":{"type":"string","description":"Color of the object. Should be one of existing colors.","description_kind":"plain","computed":true},"comments":{"type":"string","description":"Comments string.","description_kind":"plain","computed":true},"content_awareness":{"type":"bool","description":"Content Awareness blade enabled.","description_kind":"plain","computed":true},"data_awareness":{"type":"bool","description":"Data Awareness blade enabled.","description_kind":"plain","computed":true},"dynamic_ip":{"type":"bool","description":"Dynamic IP address.","description_kind":"plain","computed":true},"firewall":{"type":"bool","description":"Firewall blade enabled.","description_kind":"plain","computed":true},"firewall_settings":{"type":["map","string"],"description":"Firewall settings.","description_kind":"plain","computed":true},"hardware":{"type":"string","description":"Cluster platform hardware.","description_kind":"plain","computed":true},"id":{"type":"string","description_kind":"plain","optional":true,"computed":true},"interfaces":{"type":["list",["object",{"anti_spoofing":"bool","anti_spoofing_settings":["map","string"],"color":"string","comments":"string","interface_type":"string","ipv4_address":"string","ipv4_mask_length":"string","ipv4_network_mask":"string","ipv6_address":"string","ipv6_mask_length":"string","ipv6_network_mask":"string","multicast_address":"string","multicast_address_type":"string","name":"string","security_zone":"bool","security_zone_settings":["map","string"],"topology":"string","topology_automatic_calculation":"string","topology_settings":["map","string"]}]],"description":"Network interfaces.","description_kind":"plain","computed":true},"ips":{"type":"bool","description":"Intrusion Prevention System blade enabled.","description_kind":"plain","computed":true},"ipv4_address":{"type":"string","description":"IPv4 address.","description_kind":"plain","computed":true},"ipv6_address":{"type":"string","description":"IPv6 address.","description_kind":"plain","computed":true},"logs_settings":{"type":["map","string"],"description":"Logs settings.","description_kind":"plain","computed":true},"members":{"type":["list",["object",{"interfaces":["list",["object",{"ipv4_address":"string","ipv4_mask_length":"string","ipv4_network_mask":"string","ipv6_address":"string","ipv6_mask_length":"string","ipv6_network_mask":"string","name":"string"}]],"ip_address":"string","name":"string","sic_message":"string","sic_name":"string"}]],"description":"Cluster members.","description_kind":"plain","computed":true},"name":{"type":"string","description":"Object name. Should be unique in the domain.","description_kind":"plain","optional":true},"os_name":{"type":"string","description":"OS name.","description_kind":"plain","computed":true},"save_logs_locally":{"type":"bool","description":"Save logs locally.","description_kind":"plain","computed":true},"send_alerts_to_server":{"type":["set","string"],"description":"Server(s) to send alerts to.","description_kind":"plain","computed":true},"send_logs_to_backup_server":{"type":["set","string"],"description":"Backup server(s) to send logs to.","description_kind":"plain","computed":true},"send_logs_to_server":{"type":["set","string"],"description":"Server(s) to send logs to.","description_kind":"plain","computed":true},"sic_name":{"type":"string","description":"Secure Internal Communication name.","description_kind":"plain","computed":true},"sic_state":{"type":"string","description":"Secure Internal Communication state.","description_kind":"plain","computed":true},"tags":{"type":["set","string"],"description":"Collection of tag identifiers.","description_kind":"plain","computed":true},"threat_emulation":{"type":"bool","description":"Threat Emulation blade enabled.","description_kind":"plain","computed":true},"uid":{"type":"string","description":"Object unique identifier.","description_kind":"plain","optional":true},"url_filtering":{"type":"bool","description":"URL Filtering blade enabled.","description_kind":"plain","computed":true},"version":{"type":"string","description":"Cluster platform version.","description_kind":"plain","computed":true},"vpn":{"type":"bool","description":"VPN blade enabled.","description_kind":"plain","computed":true},"vpn_settings":{"type":["map","string"],"description":"Gateway VPN settings.","description_kind":"plain","computed":true}},"description_kind":"plain"}},"checkpoint_management_simple_gateway":{"version":0,"block":{"attributes":{"anti_bot":{"type":"bool","description":"Anti-Bot blade enabled.","description_kind":"plain","computed":true},"anti_virus":{"type":"bool","description":"Anti-Virus blade enabled.","description_kind":"plain","computed":true},"application_control":{"type":"bool","description":"Application Control blade enabled.","description_kind":"plain","computed":true},"color":{"type":"string","description":"Color of the object. Should be one of existing colors.","description_kind":"plain","computed":true},"comments":{"type":"string","description":"Comments string.","description_kind":"plain","computed":true},"content_awareness":{"type":"bool","description":"Content Awareness blade enabled.","description_kind":"plain","computed":true},"dynamic_ip":{"type":"bool","description":"Dynamic IP address.","description_kind":"plain","computed":true},"firewall":{"type":"bool","description":"Firewall blade enabled.","description_kind":"plain","computed":true},"firewall_settings":{"type":["map","string"],"description":"Firewall settings","description_kind":"plain","computed":true},"hardware":{"type":"string","description":"Gateway platform hardware type.","description_kind":"plain","computed":true},"icap_server":{"type":"bool","description":"ICAP Server enabled.","description_kind":"plain","computed":true},"id":{"type":"string","description_kind":"plain","optional":true,"computed":true},"interfaces":{"type":["list",["object",{"anti_spoofing":"bool","anti_spoofing_settings":["map","string"],"color":"string","comments":"string","ipv4_address":"string","ipv4_mask_length":"string","ipv4_network_mask":"string","ipv6_address":"string","ipv6_mask_length":"string","ipv6_network_mask":"string","name":"string","security_zone":"bool","security_zone_settings":["map","string"],"topology":"string","topology_automatic_calculation":"string","topology_settings":["map","string"]}]],"description":"Network interfaces.","description_kind":"plain","computed":true},"ips":{"type":"bool","description":"Intrusion Prevention System blade enabled.","description_kind":"plain","computed":true},"ipv4_address":{"type":"string","description":"IPv4 address.","description_kind":"plain","computed":true},"ipv6_address":{"type":"string","description":"IPv6 address.","description_kind":"plain","computed":true},"logs_settings":{"type":["map","string"],"description":"Logs settings.","description_kind":"plain","computed":true},"name":{"type":"string","description":"Object name. Should be unique in the domain.","description_kind":"plain","optional":true},"os_name":{"type":"string","description":"OS name.","description_kind":"plain","computed":true},"save_logs_locally":{"type":"bool","description":"Save logs locally.","description_kind":"plain","computed":true},"send_alerts_to_server":{"type":["set","string"],"description":"Server(s) to send alerts to.","description_kind":"plain","computed":true},"send_logs_to_backup_server":{"type":["set","string"],"description":"Backup server(s) to send logs to.","description_kind":"plain","computed":true},"send_logs_to_server":{"type":["set","string"],"description":"Server(s) to send logs to.","description_kind":"plain","computed":true},"sic_name":{"type":"string","description":"Secure Internal Communication name.","description_kind":"plain","computed":true},"sic_state":{"type":"string","description":"Secure Internal Communication state.","description_kind":"plain","computed":true},"tags":{"type":["set","string"],"description":"Collection of tag identifiers.","description_kind":"plain","computed":true},"threat_emulation":{"type":"bool","description":"Threat Emulation blade enabled.","description_kind":"plain","computed":true},"threat_extraction":{"type":"bool","description":"Threat Extraction blade enabled.","description_kind":"plain","computed":true},"uid":{"type":"string","description":"Object unique identifier.","description_kind":"plain","optional":true},"url_filtering":{"type":"bool","description":"URL Filtering blade enabled.","description_kind":"plain","computed":true},"version":{"type":"string","description":"Gateway platform version.","description_kind":"plain","computed":true},"vpn":{"type":"bool","description":"VPN blade enabled.","description_kind":"plain","computed":true},"vpn_settings":{"type":["map","string"],"description":"Gateway VPN settings.","description_kind":"plain","computed":true}},"description_kind":"plain"}},"checkpoint_management_threat_exception":{"version":0,"block":{"attributes":{"action":{"type":"string","description":"Action-the enforced profile.","description_kind":"plain","computed":true},"comments":{"type":"string","description":"Comments string.","description_kind":"plain","computed":true},"destination":{"type":["set","string"],"description":"Collection of Network objects identified by the name or UID.","description_kind":"plain","computed":true},"destination_negate":{"type":"bool","description":"True if negate is set for destination.","description_kind":"plain","computed":true},"enabled":{"type":"bool","description":"Enable/Disable the rule.","description_kind":"plain","computed":true},"exception_group_name":{"type":"string","description":"The name of the exception-group.","description_kind":"plain","optional":true},"exception_group_uid":{"type":"string","description":"The UID of the exception-group.","description_kind":"plain","optional":true},"id":{"type":"string","description_kind":"plain","optional":true,"computed":true},"install_on":{"type":["set","string"],"description":"Which Gateways identified by the name or UID to install the policy on.","description_kind":"plain","computed":true},"layer":{"type":"string","description":"Layer that the rule belongs to identified by the name or UID.","description_kind":"plain","required":true},"name":{"type":"string","description":"The name of the exception.","description_kind":"plain","optional":true},"owner":{"type":"string","description":"Owner UID.","description_kind":"plain","computed":true},"protected_scope":{"type":["set","string"],"description":"Collection of objects defining Protected Scope identified by the name or UID.","description_kind":"plain","computed":true},"protected_scope_negate":{"type":"bool","description":"True if negate is set for Protected Scope.","description_kind":"plain","computed":true},"protection_or_site":{"type":["set","string"],"description":"Name of the protection or site.","description_kind":"plain","computed":true},"rule_name":{"type":"string","description":"The name of the parent rule.","description_kind":"plain","optional":true},"rule_uid":{"type":"string","description":"The UID of the parent rule.","description_kind":"plain","optional":true},"service":{"type":["set","string"],"description":"Collection of Network objects identified by the name or UID.","description_kind":"plain","computed":true},"service_negate":{"type":"bool","description":"True if negate is set for service.","description_kind":"plain","computed":true},"source":{"type":["set","string"],"description":"Collection of Network objects identified by the name or UID.","description_kind":"plain","computed":true},"source_negate":{"type":"bool","description":"True if negate is set for source.","description_kind":"plain","computed":true},"track":{"type":"string","description":"Packet tracking.","description_kind":"plain","computed":true},"uid":{"type":"string","description":"Object unique identifier.","description_kind":"plain","optional":true}},"description_kind":"plain"}},"checkpoint_management_threat_profile":{"version":0,"block":{"attributes":{"activate_protections_by_extended_attributes":{"type":["list",["object",{"category":"string","name":"string","uid":"string","values":["list",["object",{"name":"string","uid":"string"}]]}]],"description":"Activate protections by these extended attributes.","description_kind":"plain","computed":true},"active_protections_performance_impact":{"type":"string","description":"Protections with this performance impact only will be activated in the profile.","description_kind":"plain","computed":true},"active_protections_severity":{"type":"string","description":"Protections with this severity only will be activated in the profile.","description_kind":"plain","computed":true},"anti_bot":{"type":"bool","description":"Is Anti-Bot blade activated.","description_kind":"plain","computed":true},"anti_virus":{"type":"bool","description":"Is Anti-Virus blade activated.","description_kind":"plain","computed":true},"color":{"type":"string","description":"Color of the object. Should be one of existing colors.","description_kind":"plain","computed":true},"comments":{"type":"string","description":"Comments string.","description_kind":"plain","computed":true},"confidence_level_high":{"type":"string","description":"Action for protections with high confidence level.","description_kind":"plain","computed":true},"confidence_level_low":{"type":"string","description":"Action for protections with low confidence level.","description_kind":"plain","computed":true},"confidence_level_medium":{"type":"string","description":"Action for protections with medium confidence level.","description_kind":"plain","computed":true},"deactivate_protections_by_extended_attributes":{"type":["list",["object",{"category":"string","name":"string","uid":"string","values":["list",["object",{"name":"string","uid":"string"}]]}]],"description":"Deactivate protections by these extended attributes.","description_kind":"plain","computed":true},"id":{"type":"string","description_kind":"plain","optional":true,"computed":true},"indicator_overrides":{"type":["list",["object",{"action":"string","indicator":"string"}]],"description":"Indicators whose action will be overridden in this profile.","description_kind":"plain","computed":true},"ips":{"type":"bool","description":"Is IPS blade activated.","description_kind":"plain","computed":true},"ips_settings":{"type":["map","string"],"description":"IPS blade settings.","description_kind":"plain","computed":true},"malicious_mail_policy_settings":{"type":["map","string"],"description":"Malicious Mail Policy for MTA Gateways.","description_kind":"plain","computed":true},"name":{"type":"string","description":"Object name. Should be unique in the domain.","description_kind":"plain","optional":true},"overrides":{"type":["list",["object",{"action":"string","capture_packets":"bool","default":["map","string"],"final":["map","string"],"protection":"string","protection_external_info":["set","string"],"protection_uid":"string","track":"string"}]],"description":"Overrides per profile for this protection.","description_kind":"plain","computed":true},"scan_malicious_links":{"type":["map","string"],"description":"Scans malicious links (URLs) inside email messages.","description_kind":"plain","computed":true},"tags":{"type":["set","string"],"description":"Collection of tag identifiers.","description_kind":"plain","computed":true},"threat_emulation":{"type":"bool","description":"Is Threat Emulation blade activated.","description_kind":"plain","computed":true},"uid":{"type":"string","description":"Object unique identifier.","description_kind":"plain","optional":true},"use_extended_attributes":{"type":"bool","description":"Whether to activate/deactivate IPS protections according to the extended attributes.","description_kind":"plain","computed":true},"use_indicators":{"type":"bool","description":"Indicates whether the profile should make use of indicators.","description_kind":"plain","computed":true}},"description_kind":"plain"}},"checkpoint_management_threat_rule":{"version":0,"block":{"attributes":{"action":{"type":"string","description":"Action-the enforced profile.","description_kind":"plain","computed":true},"comments":{"type":"string","description":"Comments string.","description_kind":"plain","computed":true},"destination":{"type":["set","string"],"description":"Collection of Network objects identified by the name or UID.","description_kind":"plain","computed":true},"destination_negate":{"type":"bool","description":"True if negate is set for destination.","description_kind":"plain","computed":true},"enabled":{"type":"bool","description":"Enable/Disable the rule.","description_kind":"plain","computed":true},"exceptions":{"type":["set","string"],"description":"Collection of rule's exceptions identified by UID","description_kind":"plain","computed":true},"id":{"type":"string","description_kind":"plain","optional":true,"computed":true},"install_on":{"type":["set","string"],"description":"Which Gateways identified by the name or UID to install the policy on.","description_kind":"plain","computed":true},"layer":{"type":"string","description":"Layer that the rule belongs to identified by the name or UID.","description_kind":"plain","required":true},"name":{"type":"string","description":"Rule name.","description_kind":"plain","optional":true},"protected_scope":{"type":["set","string"],"description":"Collection of objects defining Protected Scope identified by the name or UID.","description_kind":"plain","computed":true},"protected_scope_negate":{"type":"bool","description":"True if negate is set for Protected Scope.","description_kind":"plain","computed":true},"service":{"type":["set","string"],"description":"Collection of Network objects identified by the name or UID.","description_kind":"plain","computed":true},"service_negate":{"type":"bool","description":"True if negate is set for service.","description_kind":"plain","computed":true},"source":{"type":["set","string"],"description":"Collection of Network objects identified by the name or UID.","description_kind":"plain","computed":true},"source_negate":{"type":"bool","description":"True if negate is set for source.","description_kind":"plain","computed":true},"track":{"type":"string","description":"Packet tracking.","description_kind":"plain","computed":true},"track_settings":{"type":["map","string"],"description":"Threat rule track settings.","description_kind":"plain","computed":true},"uid":{"type":"string","description":"Object unique identifier.","description_kind":"plain","optional":true}},"description_kind":"plain"}},"checkpoint_management_user":{"version":0,"block":{"attributes":{"allowed_locations":{"type":["map","string"],"description":"User allowed locations.","description_kind":"plain","computed":true},"authentication_method":{"type":"string","description":"Authentication method.","description_kind":"plain","computed":true},"color":{"type":"string","description":"Color of the object. Should be one of existing colors.","description_kind":"plain","computed":true},"comments":{"type":"string","description":"Comments string.","description_kind":"plain","computed":true},"connect_daily":{"type":"bool","description":"Connect every day.","description_kind":"plain","computed":true},"connect_on_days":{"type":["set","string"],"description":"Days users allow to connect.","description_kind":"plain","computed":true},"email":{"type":"string","description":"User email.","description_kind":"plain","computed":true},"encryption":{"type":["map","string"],"description":"User encryption.","description_kind":"plain","computed":true},"expiration_date":{"type":"string","description":"Expiration date in format: yyyy-MM-dd.","description_kind":"plain","computed":true},"from_hour":{"type":"string","description":"Allow users connect from hour.","description_kind":"plain","computed":true},"id":{"type":"string","description_kind":"plain","optional":true,"computed":true},"name":{"type":"string","description":"Object name.","description_kind":"plain","optional":true},"phone_number":{"type":"string","description":"User phone number.","description_kind":"plain","computed":true},"radius_server":{"type":"string","description":"RADIUS server object identified by the name or UID. Must be set when \"authentication-method\" was selected to be \"RADIUS\".","description_kind":"plain","computed":true},"tacacs_server":{"type":"string","description":"TACACS server object identified by the name or UID. Must be set when \"authentication-method\" was selected to be \"TACACS\".","description_kind":"plain","computed":true},"tags":{"type":["set","string"],"description":"Collection of tag identifiers.","description_kind":"plain","computed":true},"to_hour":{"type":"string","description":"Allow users connect until hour.","description_kind":"plain","computed":true},"uid":{"type":"string","description":"Object unique identifier.","description_kind":"plain","optional":true}},"description_kind":"plain"}},"checkpoint_management_user_group":{"version":0,"block":{"attributes":{"color":{"type":"string","description":"Color of the object. Should be one of existing colors.","description_kind":"plain","computed":true},"comments":{"type":"string","description":"Comments string.","description_kind":"plain","computed":true},"email":{"type":"string","description":"Email Address.","description_kind":"plain","computed":true},"id":{"type":"string","description_kind":"plain","optional":true,"computed":true},"members":{"type":["set","string"],"description":"Collection of User Group objects identified by the name or UID.","description_kind":"plain","computed":true},"name":{"type":"string","description":"Object name.","description_kind":"plain","optional":true},"tags":{"type":["set","string"],"description":"Collection of tag identifiers.","description_kind":"plain","computed":true},"uid":{"type":"string","description":"Object unique identifier.","description_kind":"plain","optional":true}},"description_kind":"plain"}},"checkpoint_management_user_template":{"version":0,"block":{"attributes":{"allowed_locations":{"type":["map","string"],"description":"User allowed locations.","description_kind":"plain","computed":true},"authentication_method":{"type":"string","description":"Authentication method.","description_kind":"plain","computed":true},"color":{"type":"string","description":"Color of the object. Should be one of existing colors.","description_kind":"plain","computed":true},"comments":{"type":"string","description":"Comments string.","description_kind":"plain","computed":true},"connect_daily":{"type":"bool","description":"Connect every day.","description_kind":"plain","computed":true},"connect_on_days":{"type":["set","string"],"description":"Days users allow to connect.","description_kind":"plain","computed":true},"encryption":{"type":["map","string"],"description":"User encryption.","description_kind":"plain","computed":true},"expiration_by_global_properties":{"type":"bool","description":"Expiration date according to global properties.","description_kind":"plain","computed":true},"expiration_date":{"type":"string","description":"Expiration date in format: yyyy-MM-dd.","description_kind":"plain","computed":true},"from_hour":{"type":"string","description":"Allow users connect from hour.","description_kind":"plain","computed":true},"id":{"type":"string","description_kind":"plain","optional":true,"computed":true},"name":{"type":"string","description":"Object name.","description_kind":"plain","optional":true},"radius_server":{"type":"string","description":"RADIUS server object identified by the name or UID. Must be set when \"authentication-method\" was selected to be \"RADIUS\".","description_kind":"plain","computed":true},"tacacs_server":{"type":"string","description":"TACACS server object identified by the name or UID. Must be set when \"authentication-method\" was selected to be \"TACACS\".","description_kind":"plain","computed":true},"tags":{"type":["set","string"],"description":"Collection of tag identifiers.","description_kind":"plain","computed":true},"to_hour":{"type":"string","description":"Allow users connect until hour.","description_kind":"plain","computed":true},"uid":{"type":"string","description":"Object unique identifier.","description_kind":"plain","optional":true}},"description_kind":"plain"}},"checkpoint_management_vpn_community_remote_access":{"version":0,"block":{"attributes":{"color":{"type":"string","description":"Color of the object. Should be one of existing colors.","description_kind":"plain","computed":true},"comments":{"type":"string","description":"Comments string.","description_kind":"plain","computed":true},"gateways":{"type":["set","string"],"description":"Collection of Gateway objects identified by the name or UID.","description_kind":"plain","computed":true},"id":{"type":"string","description_kind":"plain","optional":true,"computed":true},"name":{"type":"string","description":"Object name.","description_kind":"plain","optional":true},"tags":{"type":["set","string"],"description":"Collection of tag identifiers.","description_kind":"plain","computed":true},"uid":{"type":"string","description":"Object unique identifier.","description_kind":"plain","optional":true},"user_groups":{"type":["set","string"],"description":"Collection of User group objects identified by the name or UID.","description_kind":"plain","computed":true}},"description_kind":"plain"}}}}}}
