{"format_version":"0.2","provider_schemas":{"registry.terraform.io/circonus-labs/circonus":{"provider":{"version":0,"block":{"attributes":{"api_url":{"type":"string","description":"URL of the Circonus API","description_kind":"plain","optional":true},"auto_tag":{"type":"bool","description":"Signals that the provider should automatically add a tag to all API calls denoting that the resource was created by Terraform","description_kind":"plain","optional":true},"key":{"type":"string","description":"API token used to authenticate with the Circonus API","description_kind":"plain","required":true,"sensitive":true}},"description_kind":"plain"}},"resource_schemas":{"circonus_check":{"version":0,"block":{"attributes":{"active":{"type":"bool","description":"If the check is activate or disabled","description_kind":"plain","optional":true},"check_by_collector":{"type":["map","string"],"description_kind":"plain","computed":true},"check_id":{"type":"string","description_kind":"plain","computed":true},"checks":{"type":["list","string"],"description_kind":"plain","computed":true},"created":{"type":"number","description_kind":"plain","computed":true},"id":{"type":"string","description_kind":"plain","optional":true,"computed":true},"last_modified":{"type":"number","description_kind":"plain","computed":true},"last_modified_by":{"type":"string","description_kind":"plain","computed":true},"metric_limit":{"type":"number","description":"Setting a metric_limit will enable all (-1), disable (0), or allow up to the specified limit of metrics for this check (\"N+\", where N is a positive integer)","description_kind":"plain","optional":true,"computed":true},"name":{"type":"string","description":"The name of the check bundle that will be displayed in the web interface","description_kind":"plain","optional":true},"notes":{"type":"string","description":"Notes about this check bundle","description_kind":"plain","optional":true,"computed":true},"period":{"type":"string","description":"The period between each time the check is made","description_kind":"plain","optional":true,"computed":true},"reverse_connect_urls":{"type":["list","string"],"description_kind":"plain","computed":true},"tags":{"type":["set","string"],"description":"A list of tags assigned to the check","description_kind":"plain","optional":true},"target":{"type":"string","description":"The target of the check (e.g. hostname, URL, IP, etc)","description_kind":"plain","optional":true,"computed":true},"timeout":{"type":"string","description":"The length of time in seconds (and fractions of a second) before the check will timeout if no response is returned to the collector","description_kind":"plain","optional":true,"computed":true},"type":{"type":"string","description":"The check type","description_kind":"plain","optional":true,"computed":true},"uuids":{"type":["list","string"],"description_kind":"plain","computed":true}},"block_types":{"caql":{"nesting_mode":"set","block":{"attributes":{"query":{"type":"string","description":"The query definition","description_kind":"plain","required":true}},"description":"CAQL check configuration","description_kind":"plain"},"max_items":1},"cloudwatch":{"nesting_mode":"set","block":{"attributes":{"api_key":{"type":"string","description":"The AWS API Key","description_kind":"plain","optional":true,"sensitive":true},"api_secret":{"type":"string","description":"The AWS API Secret","description_kind":"plain","optional":true,"sensitive":true},"dimmensions":{"type":["map","string"],"description":"The dimensions to query for the metric","description_kind":"plain","required":true},"metric":{"type":["set","string"],"description":"One or more CloudWatch Metric attributes","description_kind":"plain","required":true},"namespace":{"type":"string","description":"The namespace to pull telemetry from","description_kind":"plain","required":true},"url":{"type":"string","description":"The URL including schema and hostname for the Cloudwatch monitoring server. This value will be used to specify the region - for example, to pull from us-east-1, the URL would be https://monitoring.us-east-1.amazonaws.com.","description_kind":"plain","required":true},"version":{"type":"string","description":"The version of the Cloudwatch API to use.","description_kind":"plain","optional":true}},"description":"CloudWatch check configuration","description_kind":"plain"},"max_items":1},"collector":{"nesting_mode":"set","block":{"attributes":{"id":{"type":"string","description":"The ID of the collector","description_kind":"plain","required":true}},"description":"The collector(s) that are responsible for gathering the metrics","description_kind":"plain"}},"consul":{"nesting_mode":"list","block":{"attributes":{"acl_token":{"type":"string","description":"A Consul ACL token","description_kind":"plain","optional":true},"allow_stale":{"type":"bool","description":"Allow Consul to read from a non-leader system","description_kind":"plain","optional":true},"ca_chain":{"type":"string","description":"A path to a file containing all the certificate authorities that should be loaded to validate the remote certificate (for TLS checks)","description_kind":"plain","optional":true},"certificate_file":{"type":"string","description":"A path to a file containing the client certificate that will be presented to the remote server (for TLS-enabled checks)","description_kind":"plain","optional":true},"check_blacklist":{"type":["list","string"],"description":"A blacklist of check names to exclude from metric results","description_kind":"plain","optional":true},"ciphers":{"type":"string","description":"A list of ciphers to be used in the TLS protocol (for HTTPS checks)","description_kind":"plain","optional":true},"dc":{"type":"string","description":"The Consul datacenter to extract health information from","description_kind":"plain","optional":true},"headers":{"type":["map","string"],"description":"Map of HTTP Headers to send along with HTTP Requests","description_kind":"plain","optional":true},"http_addr":{"type":"string","description":"The HTTP Address of a Consul agent to query","description_kind":"plain","optional":true},"key_file":{"type":"string","description":"A path to a file containing key to be used in conjunction with the cilent certificate (for TLS checks)","description_kind":"plain","optional":true},"node":{"type":"string","description":"Node Name or NodeID of a Consul agent","description_kind":"plain","optional":true},"node_blacklist":{"type":["list","string"],"description":"A blacklist of node names or IDs to exclude from metric results","description_kind":"plain","optional":true},"service":{"type":"string","description":"Name of the Consul service to check","description_kind":"plain","optional":true},"service_blacklist":{"type":["list","string"],"description":"A blacklist of service names to exclude from metric results","description_kind":"plain","optional":true},"state":{"type":"string","description":"Check for Consul services in this particular state","description_kind":"plain","optional":true}},"description":"Consul check configuration","description_kind":"plain"},"max_items":1},"dns":{"nesting_mode":"set","block":{"attributes":{"ctype":{"type":"string","description":"The DNS class of the query. IN: Internet, CH: Chaos, HS: Hesoid.","description_kind":"plain","optional":true},"nameserver":{"type":"string","description":"The domain name server to query. If the name of the check is in-addr.arpa, the system default nameserver is used. Otherwise, the nameserver is the %[target] of the the check.","description_kind":"plain","optional":true},"query":{"type":"string","description":"The query to send. If the name of the check is in-addr.arpa, the reverse IP octet notation of in-addr.arpa syntax is synthesized by default. Otherwise the default query is the name of the check itself.","description_kind":"plain","required":true},"rtype":{"type":"string","description":"The DNS resource record type of the query. If the name of the check is in-addr.arpa, the default is PTR, otherwise it is A.","description_kind":"plain","optional":true}},"description":"DNS check configuration","description_kind":"plain"},"max_items":1},"external":{"nesting_mode":"list","block":{"attributes":{"arg1":{"type":"string","description":"The 1st argument to the command","description_kind":"plain","optional":true},"arg10":{"type":"string","description":"The 10th argument to the command","description_kind":"plain","optional":true},"arg2":{"type":"string","description":"The 2nd argument to the command","description_kind":"plain","optional":true},"arg3":{"type":"string","description":"The 3rd argument to the command","description_kind":"plain","optional":true},"arg4":{"type":"string","description":"The 4th argument to the command","description_kind":"plain","optional":true},"arg5":{"type":"string","description":"The 5th argument to the command","description_kind":"plain","optional":true},"arg6":{"type":"string","description":"The 6th argument to the command","description_kind":"plain","optional":true},"arg7":{"type":"string","description":"The 7th argument to the command","description_kind":"plain","optional":true},"arg8":{"type":"string","description":"The 8th argument to the command","description_kind":"plain","optional":true},"arg9":{"type":"string","description":"The 9th argument to the command","description_kind":"plain","optional":true},"command":{"type":"string","description":"The full path to the command to run","description_kind":"plain","required":true},"env":{"type":["map","string"],"description":"The map of environment vars","description_kind":"plain","optional":true},"output_extract":{"type":"string","description":"The output extraction method: JSON or NAGIOS, otherwise treated as regexp","description_kind":"plain","required":true}},"description":"External check configuration","description_kind":"plain"},"max_items":1},"http":{"nesting_mode":"set","block":{"attributes":{"auth_method":{"type":"string","description":"The HTTP Authentication method","description_kind":"plain","optional":true},"auth_password":{"type":"string","description":"The HTTP Authentication user password","description_kind":"plain","optional":true,"sensitive":true},"auth_user":{"type":"string","description":"The HTTP Authentication user name","description_kind":"plain","optional":true},"body_regexp":{"type":"string","description":"This regular expression is matched against the body of the response. If a match is not found, the check will be marked as \"bad.","description_kind":"plain","optional":true},"ca_chain":{"type":"string","description":"A path to a file containing all the certificate authorities that should be loaded to validate the remote certificate (for TLS checks)","description_kind":"plain","optional":true},"certificate_file":{"type":"string","description":"A path to a file containing the client certificate that will be presented to the remote server (for TLS-enabled checks)","description_kind":"plain","optional":true},"ciphers":{"type":"string","description":"A list of ciphers to be used in the TLS protocol (for HTTPS checks)","description_kind":"plain","optional":true},"code":{"type":"string","description":"The HTTP code that is expected. If the code received does not match this regular expression, the check is marked as \"bad.\"","description_kind":"plain","optional":true},"extract":{"type":"string","description":"This regular expression is matched against the body of the response globally. The first capturing match is the key and the second capturing match is the value. Each key/value extracted is registered as a metric for the check.","description_kind":"plain","optional":true},"headers":{"type":["map","string"],"description":"Map of HTTP Headers to send along with HTTP Requests","description_kind":"plain","optional":true},"key_file":{"type":"string","description":"A path to a file containing key to be used in conjunction with the cilent certificate (for TLS checks)","description_kind":"plain","optional":true},"method":{"type":"string","description":"The HTTP method to use","description_kind":"plain","optional":true},"payload":{"type":"string","description":"The information transferred as the payload of an HTTP request","description_kind":"plain","optional":true},"read_limit":{"type":"number","description":"Sets an approximate limit on the data read (0 means no limit)","description_kind":"plain","optional":true},"redirects":{"type":"string","description":"The maximum number of Location header redirects to follow.","description_kind":"plain","optional":true},"url":{"type":"string","description":"The URL to use as the target of the check","description_kind":"plain","required":true},"version":{"type":"string","description":"Sets the HTTP version for the check to use","description_kind":"plain","optional":true}},"description":"HTTP check configuration","description_kind":"plain"},"max_items":1},"httptrap":{"nesting_mode":"set","block":{"attributes":{"async_metrics":{"type":"bool","description":"Specify whether httptrap metrics are logged immediately or held until the status message is emitted","description_kind":"plain","optional":true},"secret":{"type":"string","description_kind":"plain","optional":true,"sensitive":true}},"description":"HTTP Trap check configuration","description_kind":"plain"},"max_items":1},"icmp_ping":{"nesting_mode":"set","block":{"attributes":{"availability":{"type":"number","description":"The percentage of ICMP available required for the check to be considered \"good.\"","description_kind":"plain","optional":true},"count":{"type":"number","description":"The number of ICMP requests to send during a single check.","description_kind":"plain","optional":true},"interval":{"type":"string","description":"The number of milliseconds between ICMP requests.","description_kind":"plain","optional":true}},"description":"ICMP ping check configuration","description_kind":"plain"},"max_items":1},"jmx":{"nesting_mode":"set","block":{"attributes":{"host":{"type":"string","description":"JMX host","description_kind":"plain","required":true},"mbean_domains":{"type":["list","string"],"description":"The space separated list of domains to filter to","description_kind":"plain","optional":true},"password":{"type":"string","description":"JMX password","description_kind":"plain","optional":true},"port":{"type":"number","description":"JMX port","description_kind":"plain","required":true},"uri":{"type":"string","description":"JMX uri, defaults to '/jmxrmi'","description_kind":"plain","optional":true},"username":{"type":"string","description":"JMX username","description_kind":"plain","optional":true}},"block_types":{"mbean_properties":{"nesting_mode":"list","block":{"attributes":{"index":{"type":"string","description_kind":"plain","required":true},"name":{"type":"string","description_kind":"plain","required":true},"type":{"type":"string","description_kind":"plain","required":true}},"description":"The space separated list of properties to filter to","description_kind":"plain"}}},"description":"JMX check configuration","description_kind":"plain"},"max_items":1},"json":{"nesting_mode":"set","block":{"attributes":{"auth_method":{"type":"string","description":"The HTTP Authentication method","description_kind":"plain","optional":true},"auth_password":{"type":"string","description":"The HTTP Authentication user password","description_kind":"plain","optional":true,"sensitive":true},"auth_user":{"type":"string","description":"The HTTP Authentication user name","description_kind":"plain","optional":true},"ca_chain":{"type":"string","description":"A path to a file containing all the certificate authorities that should be loaded to validate the remote certificate (for TLS checks)","description_kind":"plain","optional":true},"certificate_file":{"type":"string","description":"A path to a file containing the client certificate that will be presented to the remote server (for TLS-enabled checks)","description_kind":"plain","optional":true},"ciphers":{"type":"string","description":"A list of ciphers to be used in the TLS protocol (for HTTPS checks)","description_kind":"plain","optional":true},"headers":{"type":["map","string"],"description":"Map of HTTP Headers to send along with HTTP Requests","description_kind":"plain","optional":true},"key_file":{"type":"string","description":"A path to a file containing key to be used in conjunction with the cilent certificate (for TLS checks)","description_kind":"plain","optional":true},"method":{"type":"string","description":"The HTTP method to use","description_kind":"plain","optional":true},"payload":{"type":"string","description":"The information transferred as the payload of an HTTP request","description_kind":"plain","optional":true},"port":{"type":"number","description":"Specifies the port on which the management interface can be reached","description_kind":"plain","optional":true},"read_limit":{"type":"number","description":"Sets an approximate limit on the data read (0 means no limit)","description_kind":"plain","optional":true},"url":{"type":"string","description":"The URL to use as the target of the check","description_kind":"plain","required":true},"version":{"type":"string","description":"Sets the HTTP version for the check to use","description_kind":"plain","optional":true}},"description":"JSON check configuration","description_kind":"plain"},"max_items":1},"memcached":{"nesting_mode":"set","block":{"attributes":{"port":{"type":"number","description":"The port the memcached instance is listenening on, default 11211","description_kind":"plain","optional":true}},"description":"Memcached check configuration","description_kind":"plain"},"max_items":1},"metric":{"nesting_mode":"list","block":{"attributes":{"active":{"type":"bool","description":"Enables or disables the metric","description_kind":"plain","optional":true},"name":{"type":"string","description":"Name of the metric","description_kind":"plain","required":true},"type":{"type":"string","description":"Type of metric (e.g. numeric, histogram, text)","description_kind":"plain","required":true}},"description":"Configuration for a stream of metrics","description_kind":"plain"}},"metric_filter":{"nesting_mode":"list","block":{"attributes":{"comment":{"type":"string","description":"Comment on this filter","description_kind":"plain","optional":true},"regex":{"type":"string","description":"Regex of the filter","description_kind":"plain","required":true},"tag_query":{"type":"string","description":"The tag query to apply","description_kind":"plain","optional":true},"type":{"type":"string","description":"'allow' or 'deny'","description_kind":"plain","required":true}},"description":"Allow/deny configuration for regex based metric ingestion","description_kind":"plain"}},"mysql":{"nesting_mode":"set","block":{"attributes":{"dsn":{"type":"string","description":"The connect DSN for the MySQL instance","description_kind":"plain","required":true},"query":{"type":"string","description":"The SQL to use as the query","description_kind":"plain","required":true}},"description":"MySQL check configuration","description_kind":"plain"},"max_items":1},"ntp":{"nesting_mode":"set","block":{"attributes":{"port":{"type":"number","description":"The port to talk to NTP over (default: 123)","description_kind":"plain","optional":true},"use_control":{"type":"bool","description":"Control protocol means that the agent will request the NTP telemetry of the target regarding its preferred peer, (default: false)","description_kind":"plain","optional":true}},"description":"NTP check configuration","description_kind":"plain"},"max_items":1},"postgresql":{"nesting_mode":"set","block":{"attributes":{"dsn":{"type":"string","description":"The connect DSN for the PostgreSQL instance","description_kind":"plain","required":true},"query":{"type":"string","description":"The SQL to use as the query","description_kind":"plain","required":true}},"description":"PostgreSQL check configuration","description_kind":"plain"},"max_items":1},"promtext":{"nesting_mode":"set","block":{"attributes":{"port":{"type":"number","description":"Specifies the port on which the prometheus metrics can be scraped","description_kind":"plain","optional":true},"url":{"type":"string","description":"The URL to use as the target of the check","description_kind":"plain","required":true}},"description":"Prometheus URL scraper check configuration","description_kind":"plain"},"max_items":1},"redis":{"nesting_mode":"set","block":{"attributes":{"command":{"type":"string","description":"The redis command to run to gather stats, default: INFO.","description_kind":"plain","optional":true},"db_index":{"type":"number","description":"The database index to query, defaults to zero","description_kind":"plain","optional":true},"password":{"type":"string","description":"The pass required to run the command.","description_kind":"plain","optional":true,"sensitive":true},"port":{"type":"number","description":"Specifies the port on which the Redis instance can be reached.","description_kind":"plain","optional":true}},"description":"Redis check configuration","description_kind":"plain"},"max_items":1},"smtp":{"nesting_mode":"set","block":{"attributes":{"ehlo":{"type":"string","description":"Specifies the EHLO parameter. (default: noit.local)","description_kind":"plain","optional":true},"from":{"type":"string","description":"Specifies the envelope sender.","description_kind":"plain","optional":true},"payload":{"type":"string","description":"Specifies the payload sent (on the wire). CR LF DOT CR LF is appended automatically. (default: Subject: Testing)","description_kind":"plain","optional":true},"port":{"type":"number","description":"Specifies the TCP port to connect to. (default: 25)","description_kind":"plain","optional":true},"proxy_dest_address":{"type":"string","description":"The IP (or string) to use as the destination address portion of the PROXY protocol. More on the proxy protocol here: http://www.haproxy.org/download/1.8/doc/proxy-protocol.txt","description_kind":"plain","optional":true},"proxy_dest_port":{"type":"number","description":"The port to use as the dest port portion of the PROXY protocol. Defaults to the port setting or 25","description_kind":"plain","optional":true},"proxy_family":{"type":"string","description":"The protocol family to send in the PROXY header. (default: TCP4)","description_kind":"plain","optional":true},"proxy_protocol":{"type":"bool","description":"Test MTA responses to a PROXY protocol header by setting this to true. (default: false)","description_kind":"plain","optional":true},"proxy_source_address":{"type":"string","description":"The IP (or string) to use as the source address portion of the PROXY protocol. More on the proxy protocol here: http://www.haproxy.org/download/1.8/doc/proxy-protocol.txt","description_kind":"plain","optional":true},"proxy_source_port":{"type":"number","description":"The port to use as the source port portion of the PROXY protocol. Defaults to the actual source port of the connection to the target_ip.","description_kind":"plain","optional":true},"sasl_auth_id":{"type":"string","description":"The SASL Authorization Identity.","description_kind":"plain","optional":true},"sasl_authentication":{"type":"string","description":"Specifies the type of SASL Authentication to use. (default: off)","description_kind":"plain","optional":true},"sasl_password":{"type":"string","description":"The SASL Authentication password.","description_kind":"plain","optional":true,"sensitive":true},"sasl_user":{"type":"string","description":"The SASL Authentication username.","description_kind":"plain","optional":true,"sensitive":true},"starttls":{"type":"bool","description":"Specified if the client should attempt a STARTTLS upgrade. (default: false)","description_kind":"plain","optional":true},"to":{"type":"string","description":"Specifies the envelope recipient.","description_kind":"plain","required":true}},"description":"SMTP check configuration","description_kind":"plain"},"max_items":1},"snmp":{"nesting_mode":"list","block":{"attributes":{"auth_passphrase":{"type":"string","description":"The authentication passphrase to use. Only applicaable to SNMP Version 3.","description_kind":"plain","optional":true},"auth_protocol":{"type":"string","description":"The authentication protocol to use. Only applicaable to SNMP Version 3.","description_kind":"plain","optional":true},"community":{"type":"string","description":"The SNMP community string providing read access.","description_kind":"plain","required":true},"context_engine":{"type":"string","description":"The context engine hex value to use. Only applicaable to SNMP Version 3.","description_kind":"plain","optional":true},"context_name":{"type":"string","description":"The context name to use. Only applicaable to SNMP Version 3.","description_kind":"plain","optional":true},"port":{"type":"number","description":"The UDP port to which SNMP queries will be sent.","description_kind":"plain","optional":true},"privacy_passphrase":{"type":"string","description":"The privacy passphrase to use. Only applicaable to SNMP Version 3.","description_kind":"plain","optional":true},"privacy_protocol":{"type":"string","description":"The privacy protocol to use. Only applicaable to SNMP Version 3.","description_kind":"plain","optional":true},"security_engine":{"type":"string","description":"The security engine hex value to use. Only applicaable to SNMP Version 3.","description_kind":"plain","optional":true},"security_level":{"type":"string","description":"The security level to use for the SNMP session. Choices are \"authPriv\" (authenticated and encrypted), \"authNoPriv\" (authenticated and unencrypted) and \"noAuthNoPriv\" (unauthenticated and unencrypted). Only applicaable to SNMP Version 3.","description_kind":"plain","optional":true},"security_name":{"type":"string","description":"The security name (or user name) to use. Only applicaable to SNMP Version 3.","description_kind":"plain","optional":true},"separate_queries":{"type":"bool","description":"Whether or not to query each OID separately.","description_kind":"plain","optional":true},"version":{"type":"string","description":"The SNMP version used for queries.","description_kind":"plain","required":true}},"block_types":{"oid":{"nesting_mode":"list","block":{"attributes":{"name":{"type":"string","description":"Name of the metric produced by this MIB.","description_kind":"plain","required":true},"path":{"type":"string","description":"The decimal notation or MIB name of this OID.","description_kind":"plain","required":true},"type":{"type":"string","description":"The metric type of this OID. The value can be either one of the single letter codes in the metric_type_t enum or the following string variants: guess, int32, uint32, int64, uint64, double, string.","description_kind":"plain","optional":true}},"description":"Defines a metric to query.","description_kind":"plain"},"min_items":1}},"description":"SNMP check configuration","description_kind":"plain"},"max_items":1},"statsd":{"nesting_mode":"set","block":{"attributes":{"source_ip":{"type":"string","description":"The source IP of the statsd metrics stream","description_kind":"plain","required":true}},"description":"statsd check configuration","description_kind":"plain"},"max_items":1},"tcp":{"nesting_mode":"set","block":{"attributes":{"banner_regexp":{"type":"string","description":"This regular expression is matched against the response banner. If a match is not found, the check will be marked as bad.","description_kind":"plain","optional":true},"ca_chain":{"type":"string","description":"A path to a file containing all the certificate authorities that should be loaded to validate the remote certificate (for TLS checks).","description_kind":"plain","optional":true},"certificate_file":{"type":"string","description":"A path to a file containing the client certificate that will be presented to the remote server (for TLS checks).","description_kind":"plain","optional":true},"ciphers":{"type":"string","description":"A list of ciphers to be used when establishing a TLS connection","description_kind":"plain","optional":true},"host":{"type":"string","description":"Specifies the host name or IP address to connect to for this TCP check","description_kind":"plain","required":true},"key_file":{"type":"string","description":"A path to a file containing key to be used in conjunction with the cilent certificate (for TLS checks)","description_kind":"plain","optional":true},"port":{"type":"number","description":"Specifies the port on which the management interface can be reached.","description_kind":"plain","required":true},"tls":{"type":"bool","description":"Upgrade TCP connection to use TLS.","description_kind":"plain","optional":true}},"description":"TCP check configuration","description_kind":"plain"},"max_items":1}},"description_kind":"plain"}},"circonus_contact_group":{"version":0,"block":{"attributes":{"aggregation_window":{"type":"string","description_kind":"plain","optional":true},"always_send_clear":{"type":"bool","description_kind":"plain","optional":true},"group_type":{"type":"string","description_kind":"plain","optional":true},"id":{"type":"string","description_kind":"plain","optional":true,"computed":true},"last_modified":{"type":"number","description_kind":"plain","computed":true},"last_modified_by":{"type":"string","description_kind":"plain","computed":true},"long_message":{"type":"string","description_kind":"plain","optional":true},"long_subject":{"type":"string","description_kind":"plain","optional":true},"long_summary":{"type":"string","description_kind":"plain","optional":true},"name":{"type":"string","description_kind":"plain","required":true},"short_message":{"type":"string","description_kind":"plain","optional":true},"short_summary":{"type":"string","description_kind":"plain","optional":true},"tags":{"type":["set","string"],"description_kind":"plain","optional":true}},"block_types":{"alert_option":{"nesting_mode":"set","block":{"attributes":{"escalate_after":{"type":"string","description_kind":"plain","optional":true},"escalate_to":{"type":"string","description_kind":"plain","optional":true},"reminder":{"type":"string","description_kind":"plain","optional":true},"severity":{"type":"number","description_kind":"plain","required":true}},"description_kind":"plain"}},"email":{"nesting_mode":"list","block":{"attributes":{"address":{"type":"string","description_kind":"plain","optional":true},"user":{"type":"string","description_kind":"plain","optional":true}},"description_kind":"plain"},"max_items":1},"http":{"nesting_mode":"set","block":{"attributes":{"address":{"type":"string","description_kind":"plain","required":true},"format":{"type":"string","description_kind":"plain","optional":true},"method":{"type":"string","description_kind":"plain","optional":true}},"description_kind":"plain"}},"pager_duty":{"nesting_mode":"set","block":{"attributes":{"account":{"type":"string","description_kind":"plain","required":true},"contact_group_fallback":{"type":"string","description_kind":"plain","optional":true},"service_key":{"type":"string","description_kind":"plain","required":true,"sensitive":true},"webhook_url":{"type":"string","description_kind":"plain","required":true}},"description_kind":"plain"}},"slack":{"nesting_mode":"set","block":{"attributes":{"buttons":{"type":"bool","description_kind":"plain","optional":true},"channel":{"type":"string","description_kind":"plain","required":true},"contact_group_fallback":{"type":"string","description_kind":"plain","optional":true},"team":{"type":"string","description_kind":"plain","required":true},"username":{"type":"string","description":"Username Slackbot uses in Slack to deliver a notification","description_kind":"plain","optional":true}},"description_kind":"plain"}},"sms":{"nesting_mode":"list","block":{"attributes":{"address":{"type":"string","description_kind":"plain","optional":true},"user":{"type":"string","description_kind":"plain","optional":true}},"description_kind":"plain"},"max_items":1},"victorops":{"nesting_mode":"set","block":{"attributes":{"api_key":{"type":"string","description_kind":"plain","required":true,"sensitive":true},"contact_group_fallback":{"type":"string","description_kind":"plain","optional":true},"critical":{"type":"number","description_kind":"plain","required":true},"info":{"type":"number","description_kind":"plain","required":true},"team":{"type":"string","description_kind":"plain","required":true},"warning":{"type":"number","description_kind":"plain","required":true}},"description_kind":"plain"}},"xmpp":{"nesting_mode":"list","block":{"attributes":{"address":{"type":"string","description_kind":"plain","optional":true},"user":{"type":"string","description_kind":"plain","optional":true}},"description_kind":"plain"},"max_items":1}},"description_kind":"plain"}},"circonus_dashboard":{"version":0,"block":{"attributes":{"account_default":{"type":"bool","description_kind":"plain","optional":true},"grid_layout":{"type":["map","number"],"description_kind":"plain","required":true},"id":{"type":"string","description_kind":"plain","optional":true,"computed":true},"shared":{"type":"bool","description_kind":"plain","optional":true},"title":{"type":"string","description":"The title of the dashboard.","description_kind":"plain","required":true},"uuid":{"type":"string","description":"The uuid of the dashboard.","description_kind":"plain","computed":true}},"block_types":{"options":{"nesting_mode":"set","block":{"attributes":{"full_screen_hide_title":{"type":"bool","description_kind":"plain","optional":true},"hide_grid":{"type":"bool","description_kind":"plain","optional":true},"scale_text":{"type":"bool","description_kind":"plain","optional":true},"text_size":{"type":"number","description_kind":"plain","optional":true}},"block_types":{"access_configs":{"nesting_mode":"set","block":{"attributes":{"black_dash":{"type":"bool","description_kind":"plain","optional":true},"enabled":{"type":"bool","description_kind":"plain","optional":true},"full_screen":{"type":"bool","description_kind":"plain","optional":true},"full_screen_hide_title":{"type":"bool","description_kind":"plain","optional":true},"nick_name":{"type":"string","description_kind":"plain","optional":true},"scale_text":{"type":"bool","description_kind":"plain","optional":true},"shared_id":{"type":"string","description_kind":"plain","optional":true},"text_size":{"type":"number","description_kind":"plain","optional":true}},"description_kind":"plain"}}},"description_kind":"plain"},"min_items":1},"widget":{"nesting_mode":"set","block":{"attributes":{"active":{"type":"bool","description_kind":"plain","optional":true},"height":{"type":"number","description_kind":"plain","required":true},"name":{"type":"string","description_kind":"plain","required":true},"origin":{"type":"string","description_kind":"plain","required":true},"type":{"type":"string","description_kind":"plain","required":true},"widget_id":{"type":"string","description_kind":"plain","required":true},"width":{"type":"number","description_kind":"plain","required":true}},"block_types":{"settings":{"nesting_mode":"set","block":{"attributes":{"account_id":{"type":"string","description_kind":"plain","optional":true},"acknowledged":{"type":"string","description_kind":"plain","optional":true},"algorithm":{"type":"string","description_kind":"plain","optional":true},"autoformat":{"type":"bool","description_kind":"plain","optional":true},"body_format":{"type":"string","description_kind":"plain","optional":true},"caql":{"type":"string","description_kind":"plain","optional":true},"chart_type":{"type":"string","description_kind":"plain","optional":true},"check_uuid":{"type":"string","description_kind":"plain","optional":true},"cleared":{"type":"string","description_kind":"plain","optional":true},"cluster_id":{"type":"number","description_kind":"plain","optional":true},"cluster_name":{"type":"string","description_kind":"plain","optional":true},"content_type":{"type":"string","description_kind":"plain","optional":true},"date_window":{"type":"string","description_kind":"plain","optional":true},"dependents":{"type":"string","description_kind":"plain","optional":true},"disable_autoformat":{"type":"bool","description_kind":"plain","optional":true},"display":{"type":"string","description_kind":"plain","optional":true},"display_markup":{"type":"string","description_kind":"plain","optional":true},"format":{"type":"string","description_kind":"plain","optional":true},"formula":{"type":"string","description_kind":"plain","optional":true},"good_color":{"type":"string","description_kind":"plain","optional":true},"graph_uuid":{"type":"string","description_kind":"plain","optional":true},"hide_xaxis":{"type":"bool","description_kind":"plain","optional":true},"hide_yaxis":{"type":"bool","description_kind":"plain","optional":true},"key_inline":{"type":"bool","description_kind":"plain","optional":true},"key_loc":{"type":"string","description_kind":"plain","optional":true},"key_size":{"type":"number","description_kind":"plain","optional":true},"key_wrap":{"type":"bool","description_kind":"plain","optional":true},"label":{"type":"string","description_kind":"plain","optional":true},"layout":{"type":"string","description_kind":"plain","optional":true},"layout_style":{"type":"string","description_kind":"plain","optional":true},"limit":{"type":"number","description_kind":"plain","optional":true},"link_url":{"type":"string","description_kind":"plain","optional":true},"maintenance":{"type":"string","description_kind":"plain","optional":true},"markup":{"type":"string","description_kind":"plain","optional":true},"metric_display_name":{"type":"string","description_kind":"plain","optional":true},"metric_name":{"type":"string","description_kind":"plain","optional":true},"metric_type":{"type":"string","description_kind":"plain","optional":true},"min_age":{"type":"string","description_kind":"plain","optional":true},"overlay_set_id":{"type":"string","description_kind":"plain","optional":true},"period":{"type":"number","description_kind":"plain","optional":true},"range_high":{"type":"number","description_kind":"plain","optional":true},"range_low":{"type":"number","description_kind":"plain","optional":true},"real_time":{"type":"bool","description_kind":"plain","optional":true},"resource_limit":{"type":"string","description_kind":"plain","optional":true},"resource_usage":{"type":"string","description_kind":"plain","optional":true},"search":{"type":"string","description_kind":"plain","optional":true},"severity":{"type":"string","description_kind":"plain","optional":true},"show_flags":{"type":"bool","description_kind":"plain","optional":true},"show_value":{"type":"bool","description_kind":"plain","optional":true},"size":{"type":"string","description_kind":"plain","optional":true},"text_align":{"type":"string","description_kind":"plain","optional":true},"threshold":{"type":"number","description_kind":"plain","optional":true},"time_window":{"type":"string","description_kind":"plain","optional":true},"title":{"type":"string","description_kind":"plain","optional":true},"title_format":{"type":"string","description_kind":"plain","optional":true},"trend":{"type":"string","description_kind":"plain","optional":true},"type":{"type":"string","description_kind":"plain","optional":true},"use_default":{"type":"bool","description_kind":"plain","optional":true},"value_type":{"type":"string","description_kind":"plain","optional":true}},"block_types":{"bad_rules":{"nesting_mode":"list","block":{"attributes":{"color":{"type":"string","description_kind":"plain","required":true},"criterion":{"type":"string","description_kind":"plain","required":true},"value":{"type":"string","description_kind":"plain","required":true}},"description_kind":"plain"},"max_items":1},"datapoints":{"nesting_mode":"set","block":{"attributes":{"_check_id":{"type":"number","description_kind":"plain","required":true},"_metric_type":{"type":"string","description_kind":"plain","required":true},"label":{"type":"string","description_kind":"plain","required":true},"metric":{"type":"string","description_kind":"plain","required":true}},"description_kind":"plain"}},"thresholds":{"nesting_mode":"set","block":{"attributes":{"colors":{"type":["list","string"],"description_kind":"plain","required":true},"flip":{"type":"bool","description_kind":"plain","required":true},"values":{"type":["list","string"],"description_kind":"plain","required":true}},"description_kind":"plain"}}},"description_kind":"plain"},"min_items":1}},"description_kind":"plain"},"min_items":1}},"description_kind":"plain"}},"circonus_graph":{"version":0,"block":{"attributes":{"description":{"type":"string","description_kind":"plain","optional":true},"graph_style":{"type":"string","description_kind":"plain","optional":true},"id":{"type":"string","description_kind":"plain","optional":true,"computed":true},"left":{"type":["map","string"],"description_kind":"plain","optional":true},"line_style":{"type":"string","description":"How the line should change between point. A string containing either 'stepped', 'interpolated' or null.","description_kind":"plain","optional":true},"name":{"type":"string","description_kind":"plain","required":true},"notes":{"type":"string","description_kind":"plain","optional":true},"right":{"type":["map","string"],"description_kind":"plain","optional":true},"tags":{"type":["set","string"],"description_kind":"plain","optional":true}},"block_types":{"guide":{"nesting_mode":"list","block":{"attributes":{"color":{"type":"string","description_kind":"plain","optional":true},"formula":{"type":"string","description_kind":"plain","optional":true},"hidden":{"type":"bool","description_kind":"plain","optional":true},"legend_formula":{"type":"string","description_kind":"plain","optional":true},"name":{"type":"string","description_kind":"plain","optional":true}},"description_kind":"plain"}},"metric":{"nesting_mode":"list","block":{"attributes":{"active":{"type":"bool","description_kind":"plain","optional":true},"alpha":{"type":"string","description_kind":"plain","optional":true},"axis":{"type":"string","description_kind":"plain","optional":true},"caql":{"type":"string","description_kind":"plain","optional":true},"check":{"type":"string","description_kind":"plain","optional":true},"color":{"type":"string","description_kind":"plain","optional":true},"formula":{"type":"string","description_kind":"plain","optional":true},"function":{"type":"string","description_kind":"plain","optional":true,"computed":true},"legend_formula":{"type":"string","description_kind":"plain","optional":true},"metric_name":{"type":"string","description_kind":"plain","optional":true},"metric_type":{"type":"string","description_kind":"plain","required":true},"name":{"type":"string","description_kind":"plain","optional":true},"search":{"type":"string","description_kind":"plain","optional":true},"stack":{"type":"string","description_kind":"plain","optional":true}},"description_kind":"plain"}},"metric_cluster":{"nesting_mode":"list","block":{"attributes":{"active":{"type":"bool","description_kind":"plain","optional":true},"aggregate":{"type":"string","description_kind":"plain","optional":true},"axis":{"type":"string","description_kind":"plain","optional":true},"color":{"type":"string","description_kind":"plain","optional":true},"name":{"type":"string","description_kind":"plain","required":true},"query":{"type":"string","description_kind":"plain","optional":true}},"description_kind":"plain"}}},"description_kind":"plain"}},"circonus_maintenance":{"version":0,"block":{"attributes":{"account":{"type":"string","description_kind":"plain","optional":true},"check":{"type":"string","description_kind":"plain","optional":true},"id":{"type":"string","description_kind":"plain","optional":true,"computed":true},"notes":{"type":"string","description_kind":"plain","optional":true},"rule_set":{"type":"string","description_kind":"plain","optional":true},"severities":{"type":["list","string"],"description_kind":"plain","required":true},"start":{"type":"string","description_kind":"plain","required":true},"stop":{"type":"string","description_kind":"plain","required":true},"tags":{"type":["list","string"],"description_kind":"plain","optional":true},"target":{"type":"string","description_kind":"plain","optional":true}},"description_kind":"plain"}},"circonus_metric":{"version":0,"block":{"attributes":{"active":{"type":"bool","description":"Enables or disables the metric","description_kind":"plain","optional":true},"id":{"type":"string","description_kind":"plain","optional":true,"computed":true},"name":{"type":"string","description":"Name of the metric","description_kind":"plain","required":true},"type":{"type":"string","description":"Type of metric (e.g. numeric, histogram, text)","description_kind":"plain","required":true}},"description_kind":"plain"}},"circonus_overlay_set":{"version":0,"block":{"attributes":{"graph_cid":{"type":"string","description_kind":"plain","required":true},"id":{"type":"string","description_kind":"plain","optional":true,"computed":true},"title":{"type":"string","description_kind":"plain","required":true}},"block_types":{"overlays":{"nesting_mode":"set","block":{"attributes":{"id":{"type":"string","description_kind":"plain","required":true}},"block_types":{"data_opts":{"nesting_mode":"set","block":{"attributes":{"graph_title":{"type":"string","description_kind":"plain","required":true},"graph_uuid":{"type":"string","description_kind":"plain","required":true},"x_shift":{"type":"string","description_kind":"plain","required":true}},"description_kind":"plain"},"min_items":1},"ui_specs":{"nesting_mode":"set","block":{"attributes":{"decouple":{"type":"bool","description_kind":"plain","optional":true},"id":{"type":"string","description_kind":"plain","required":true},"label":{"type":"string","description_kind":"plain","required":true},"type":{"type":"string","description_kind":"plain","required":true},"z":{"type":"string","description_kind":"plain","optional":true}},"description_kind":"plain"},"min_items":1}},"description_kind":"plain"},"min_items":1}},"description_kind":"plain"}},"circonus_rule_set":{"version":0,"block":{"attributes":{"check":{"type":"string","description":"The CID of the check that contains the metric for this rule set","description_kind":"plain","required":true},"id":{"type":"string","description_kind":"plain","optional":true,"computed":true},"link":{"type":"string","description":"URL to show users when this rule set is active (e.g. wiki)","description_kind":"plain","optional":true,"computed":true},"metric_filter":{"type":"string","description":"The tag filter a pattern match ruleset will user","description_kind":"plain","optional":true},"metric_name":{"type":"string","description":"The name of the metric stream within a check to register the rule set with","description_kind":"plain","optional":true},"metric_pattern":{"type":"string","description":"The pattern match (regex) of the metric stream within a check to register the rule set with","description_kind":"plain","optional":true},"metric_type":{"type":"string","description":"The type of data flowing through the specified metric stream","description_kind":"plain","optional":true},"name":{"type":"string","description":"The name of this ruleset, if omitted will default to the metric_name (or pattern) and filter","description_kind":"plain","optional":true},"notes":{"type":"string","description":"Notes describing this rule set","description_kind":"plain","optional":true,"computed":true},"parent":{"type":"string","description":"Parent CID that must be healthy for this rule set to be active","description_kind":"plain","optional":true,"computed":true},"rule_set_id":{"type":"string","description":"out","description_kind":"plain","computed":true},"tags":{"type":["set","string"],"description":"Tags associated with this rule set","description_kind":"plain","deprecated":true,"optional":true},"user_json":{"type":"string","description":"Opaque data that can be supplied with the result and appears in webhooks when alerts go off","description_kind":"plain","optional":true}},"block_types":{"if":{"nesting_mode":"list","block":{"block_types":{"then":{"nesting_mode":"list","block":{"attributes":{"after":{"type":"string","description":"The length of time we should wait before contacting the contact groups after this ruleset has faulted.","description_kind":"plain","optional":true},"notify":{"type":["set","string"],"description":"List of contact groups to notify at the following appropriate severity if this rule set is active.","description_kind":"plain","optional":true},"severity":{"type":"number","description":"Send a notification at this severity level.","description_kind":"plain","optional":true}},"description":"Description of the action(s) to take when this rule set is active","description_kind":"plain"},"max_items":1},"value":{"nesting_mode":"list","block":{"attributes":{"absent":{"type":"string","description":"Fire the rule set if there has been no data for the given metric stream over the last duration","description_kind":"plain","optional":true},"changed":{"type":"string","description":"Boolean indicating the value has changed","description_kind":"plain","optional":true},"contains":{"type":"string","description":"Fire the rule set if the text metric contain the following string","description_kind":"plain","optional":true},"eq_value":{"type":"string","description":"Fire the rule set if the numeric value equals the specified value","description_kind":"plain","optional":true},"match":{"type":"string","description":"Fire the rule set if the text metric exactly match the following string","description_kind":"plain","optional":true},"max_value":{"type":"string","description":"Fire the rule set if the numeric value is more than the specified value","description_kind":"plain","optional":true},"min_value":{"type":"string","description":"Fire the rule set if the numeric value less than the specified value","description_kind":"plain","optional":true},"neq_value":{"type":"string","description":"Fire the rule set if the numeric value does not equal the specified value","description_kind":"plain","optional":true},"not_contain":{"type":"string","description":"Fire the rule set if the text metric does not contain the following string","description_kind":"plain","optional":true},"not_match":{"type":"string","description":"Fire the rule set if the text metric not match the following string","description_kind":"plain","optional":true}},"block_types":{"over":{"nesting_mode":"list","block":{"attributes":{"atleast":{"type":"string","description":"Wait at least this long (seconds) before evaluating the rule","description_kind":"plain","required":true},"last":{"type":"string","description":"Duration over which data from the last interval is examined","description_kind":"plain","required":true},"using":{"type":"string","description":"Define the window function to use over the last duration","description_kind":"plain","required":true}},"description":"Use a derived value using a window","description_kind":"plain"},"max_items":1}},"description":"Predicate that the rule set uses to evaluate a stream of metrics","description_kind":"plain"},"max_items":1}},"description":"A rule to execute for this rule set","description_kind":"plain"},"min_items":1}},"description_kind":"plain"}},"circonus_rule_set_group":{"version":0,"block":{"attributes":{"id":{"type":"string","description_kind":"plain","optional":true,"computed":true},"name":{"type":"string","description_kind":"plain","required":true},"tags":{"type":["list","string"],"description_kind":"plain","optional":true}},"block_types":{"condition":{"nesting_mode":"set","block":{"attributes":{"index":{"type":"number","description_kind":"plain","required":true},"matching_severities":{"type":["list","string"],"description_kind":"plain","required":true},"rule_set":{"type":"string","description_kind":"plain","required":true}},"description_kind":"plain"},"min_items":1},"formula":{"nesting_mode":"set","block":{"attributes":{"expression":{"type":"string","description_kind":"plain","required":true},"raise_severity":{"type":"number","description_kind":"plain","required":true},"wait":{"type":"number","description_kind":"plain","required":true}},"description_kind":"plain"},"min_items":1},"notify":{"nesting_mode":"set","block":{"attributes":{"sev1":{"type":["list","string"],"description_kind":"plain","optional":true},"sev2":{"type":["list","string"],"description_kind":"plain","optional":true},"sev3":{"type":["list","string"],"description_kind":"plain","optional":true},"sev4":{"type":["list","string"],"description_kind":"plain","optional":true},"sev5":{"type":["list","string"],"description_kind":"plain","optional":true}},"description_kind":"plain"}}},"description_kind":"plain"}},"circonus_worksheet":{"version":0,"block":{"attributes":{"description":{"type":"string","description_kind":"plain","optional":true},"favorite":{"type":"bool","description_kind":"plain","optional":true},"graphs":{"type":["set","string"],"description_kind":"plain","optional":true},"id":{"type":"string","description_kind":"plain","optional":true,"computed":true},"notes":{"type":"string","description_kind":"plain","optional":true},"tags":{"type":["set","string"],"description_kind":"plain","optional":true},"title":{"type":"string","description_kind":"plain","required":true}},"block_types":{"smart_queries":{"nesting_mode":"set","block":{"attributes":{"name":{"type":"string","description_kind":"plain","required":true},"order":{"type":["set","string"],"description_kind":"plain","optional":true},"query":{"type":"string","description_kind":"plain","required":true}},"description_kind":"plain"}}},"description_kind":"plain"}}},"data_source_schemas":{"circonus_account":{"version":0,"block":{"attributes":{"address1":{"type":"string","description_kind":"plain","computed":true},"address2":{"type":"string","description_kind":"plain","computed":true},"cc_email":{"type":"string","description_kind":"plain","computed":true},"city":{"type":"string","description_kind":"plain","computed":true},"contact_groups":{"type":["list","string"],"description":"Contact Groups in this account","description_kind":"plain","computed":true},"country":{"type":"string","description_kind":"plain","computed":true},"current":{"type":"bool","description_kind":"plain","optional":true,"computed":true},"description":{"type":"string","description_kind":"plain","computed":true},"id":{"type":"string","description_kind":"plain","optional":true,"computed":true},"invites":{"type":["list",["object",{"email":"string","role":"string"}]],"description":"Outstanding invites attached to the account","description_kind":"plain","computed":true},"name":{"type":"string","description_kind":"plain","computed":true},"owner":{"type":"string","description_kind":"plain","computed":true},"state":{"type":"string","description_kind":"plain","computed":true},"timezone":{"type":"string","description_kind":"plain","computed":true},"ui_base_url":{"type":"string","description_kind":"plain","computed":true},"usage":{"type":["list",["object",{"limit":"number","type":"string","used":"number"}]],"description":"Account's usage limits","description_kind":"plain","computed":true},"users":{"type":["list",["object",{"id":"string","role":"string"}]],"description":"Users attached to this account","description_kind":"plain","computed":true}},"description_kind":"plain"}},"circonus_collector":{"version":0,"block":{"attributes":{"details":{"type":["list",["object",{"cn":"string","external_host":"string","external_port":"number","ip":"string","min_version":"number","modules":["list","string"],"name":"string","port":"number","skew":"string","status":"string","version":"number"}]],"description":"Details associated with individual collectors (a.k.a. broker)","description_kind":"plain","computed":true},"id":{"type":"string","description_kind":"plain","optional":true,"computed":true},"latitude":{"type":"string","description_kind":"plain","computed":true},"longitude":{"type":"string","description_kind":"plain","computed":true},"name":{"type":"string","description_kind":"plain","computed":true},"tags":{"type":["set","string"],"description_kind":"plain","optional":true},"type":{"type":"string","description_kind":"plain","computed":true}},"description_kind":"plain"}}}}}}
