{"format_version":"0.2","provider_schemas":{"registry.terraform.io/ciscodevnet/dcnm":{"provider":{"version":0,"block":{"attributes":{"expiry":{"type":"number","description":"Expiration time in miliseconds for DCNM server","description_kind":"plain","optional":true},"insecure":{"type":"bool","description":"Allow insecure HTTPS client","description_kind":"plain","optional":true},"password":{"type":"string","description":"Password for the DCNM account","description_kind":"plain","required":true},"proxy_url":{"type":"string","description":"Proxy server URL for DCNM","description_kind":"plain","optional":true},"url":{"type":"string","description":"URL for the DCNM server","description_kind":"plain","required":true},"username":{"type":"string","description":"Username for the DCNM account","description_kind":"plain","required":true}},"description_kind":"plain"}},"resource_schemas":{"dcnm_interface":{"version":0,"block":{"attributes":{"access_vlans":{"type":"string","description_kind":"plain","optional":true,"computed":true},"admin_state":{"type":"bool","description_kind":"plain","optional":true},"allowed_vlans":{"type":"string","description_kind":"plain","optional":true,"computed":true},"bpdu_gaurd_flag":{"type":"string","description_kind":"plain","optional":true,"computed":true},"configuration":{"type":"string","description_kind":"plain","optional":true,"computed":true},"deploy":{"type":"bool","description_kind":"plain","optional":true},"description":{"type":"string","description_kind":"plain","optional":true},"ethernet_speed":{"type":"string","description_kind":"plain","optional":true,"computed":true},"fabric_name":{"type":"string","description_kind":"plain","required":true},"id":{"type":"string","description_kind":"plain","optional":true,"computed":true},"ipv4":{"type":"string","description_kind":"plain","optional":true,"computed":true},"ipv4_prefix":{"type":"string","description_kind":"plain","optional":true,"computed":true},"ipv6":{"type":"string","description_kind":"plain","optional":true,"computed":true},"ipv6_prefix":{"type":"string","description_kind":"plain","optional":true,"computed":true},"loopback_ls_routing":{"type":"string","description_kind":"plain","optional":true,"computed":true},"loopback_replication_mode":{"type":"string","description_kind":"plain","optional":true,"computed":true},"loopback_router_id":{"type":"string","description_kind":"plain","optional":true,"computed":true},"loopback_routing_tag":{"type":"string","description_kind":"plain","optional":true,"computed":true},"loopback_tag":{"type":"string","description_kind":"plain","optional":true,"computed":true},"mode":{"type":"string","description_kind":"plain","optional":true,"computed":true},"mtu":{"type":"string","description_kind":"plain","optional":true,"computed":true},"name":{"type":"string","description_kind":"plain","required":true},"pc_interface":{"type":["list","string"],"description_kind":"plain","optional":true,"computed":true},"policy":{"type":"string","description_kind":"plain","required":true},"port_fast_flag":{"type":"bool","description_kind":"plain","optional":true},"serial_number":{"type":"string","description_kind":"plain","optional":true,"computed":true},"subinterface_mtu":{"type":"string","description_kind":"plain","optional":true,"computed":true},"subinterface_vlan":{"type":"number","description_kind":"plain","optional":true,"computed":true},"switch_name_1":{"type":"string","description_kind":"plain","required":true},"switch_name_2":{"type":"string","description_kind":"plain","optional":true,"computed":true},"type":{"type":"string","description_kind":"plain","required":true},"vpc_peer1_access_vlans":{"type":"string","description_kind":"plain","optional":true,"computed":true},"vpc_peer1_allowed_vlans":{"type":"string","description_kind":"plain","optional":true,"computed":true},"vpc_peer1_conf":{"type":"string","description_kind":"plain","optional":true,"computed":true},"vpc_peer1_desc":{"type":"string","description_kind":"plain","optional":true,"computed":true},"vpc_peer1_id":{"type":"number","description_kind":"plain","optional":true,"computed":true},"vpc_peer1_interface":{"type":["list","string"],"description_kind":"plain","optional":true,"computed":true},"vpc_peer2_access_vlans":{"type":"string","description_kind":"plain","optional":true,"computed":true},"vpc_peer2_allowed_vlans":{"type":"string","description_kind":"plain","optional":true,"computed":true},"vpc_peer2_conf":{"type":"string","description_kind":"plain","optional":true,"computed":true},"vpc_peer2_desc":{"type":"string","description_kind":"plain","optional":true,"computed":true},"vpc_peer2_id":{"type":"number","description_kind":"plain","optional":true,"computed":true},"vpc_peer2_interface":{"type":["list","string"],"description_kind":"plain","optional":true,"computed":true},"vrf":{"type":"string","description_kind":"plain","optional":true,"computed":true}},"description_kind":"plain"}},"dcnm_inventory":{"version":0,"block":{"attributes":{"auth_protocol":{"type":"number","description_kind":"plain","optional":true},"config_timeout":{"type":"number","description_kind":"plain","optional":true},"deploy":{"type":"bool","description_kind":"plain","optional":true},"fabric_name":{"type":"string","description_kind":"plain","required":true},"id":{"type":"string","description_kind":"plain","optional":true,"computed":true},"ips":{"type":["list","string"],"description_kind":"plain","optional":true,"computed":true},"max_hops":{"type":"number","description_kind":"plain","optional":true,"computed":true},"password":{"type":"string","description_kind":"plain","required":true},"platform":{"type":"string","description_kind":"plain","optional":true,"computed":true},"preserve_config":{"type":"string","description_kind":"plain","optional":true},"second_timeout":{"type":"number","description_kind":"plain","optional":true,"computed":true},"username":{"type":"string","description_kind":"plain","required":true}},"block_types":{"switch_config":{"nesting_mode":"set","block":{"attributes":{"ip":{"type":"string","description_kind":"plain","required":true},"mode":{"type":"string","description_kind":"plain","optional":true,"computed":true},"model":{"type":"string","description_kind":"plain","optional":true,"computed":true},"role":{"type":"string","description_kind":"plain","optional":true,"computed":true},"serial_number":{"type":"string","description_kind":"plain","optional":true,"computed":true},"switch_db_id":{"type":"string","description_kind":"plain","optional":true,"computed":true},"switch_name":{"type":"string","description_kind":"plain","optional":true,"computed":true}},"description_kind":"plain"},"min_items":1}},"description_kind":"plain"}},"dcnm_network":{"version":0,"block":{"attributes":{"arp_supp_flag":{"type":"bool","description_kind":"plain","optional":true,"computed":true},"deploy":{"type":"bool","description_kind":"plain","optional":true},"deploy_timeout":{"type":"number","description_kind":"plain","optional":true},"description":{"type":"string","description_kind":"plain","optional":true,"computed":true},"dhcp_1":{"type":"string","description_kind":"plain","optional":true,"computed":true},"dhcp_2":{"type":"string","description_kind":"plain","optional":true,"computed":true},"dhcp_vrf":{"type":"string","description_kind":"plain","optional":true,"computed":true},"display_name":{"type":"string","description_kind":"plain","optional":true,"computed":true},"extension_template":{"type":"string","description_kind":"plain","optional":true},"fabric_name":{"type":"string","description_kind":"plain","required":true},"id":{"type":"string","description_kind":"plain","optional":true,"computed":true},"ipv4_gateway":{"type":"string","description_kind":"plain","optional":true,"computed":true},"ipv6_gateway":{"type":"string","description_kind":"plain","optional":true,"computed":true},"ir_enable_flag":{"type":"bool","description_kind":"plain","optional":true,"computed":true},"l2_only_flag":{"type":"bool","description_kind":"plain","optional":true,"computed":true},"l3_gateway_flag":{"type":"bool","description_kind":"plain","optional":true,"computed":true},"loopback_id":{"type":"number","description_kind":"plain","optional":true,"computed":true},"mcast_group":{"type":"string","description_kind":"plain","optional":true,"computed":true},"mtu":{"type":"number","description_kind":"plain","optional":true,"computed":true},"name":{"type":"string","description_kind":"plain","required":true},"network_id":{"type":"string","description_kind":"plain","optional":true,"computed":true},"rt_both_flag":{"type":"bool","description_kind":"plain","optional":true,"computed":true},"secondary_gw_1":{"type":"string","description_kind":"plain","optional":true,"computed":true},"secondary_gw_2":{"type":"string","description_kind":"plain","optional":true,"computed":true},"service_template":{"type":"string","description_kind":"plain","optional":true,"computed":true},"source":{"type":"string","description_kind":"plain","optional":true,"computed":true},"tag":{"type":"string","description_kind":"plain","optional":true,"computed":true},"template":{"type":"string","description_kind":"plain","optional":true},"trm_enable_flag":{"type":"bool","description_kind":"plain","optional":true,"computed":true},"vlan_id":{"type":"number","description_kind":"plain","optional":true,"computed":true},"vlan_name":{"type":"string","description_kind":"plain","optional":true,"computed":true},"vrf_name":{"type":"string","description_kind":"plain","optional":true}},"block_types":{"attachments":{"nesting_mode":"set","block":{"attributes":{"attach":{"type":"bool","description_kind":"plain","optional":true},"dot1_qvlan":{"type":"number","description_kind":"plain","optional":true,"computed":true},"extension_values":{"type":"string","description_kind":"plain","optional":true,"computed":true},"free_from_config":{"type":"string","description_kind":"plain","optional":true,"computed":true},"instance_values":{"type":"string","description_kind":"plain","optional":true,"computed":true},"serial_number":{"type":"string","description_kind":"plain","required":true},"switch_ports":{"type":["list","string"],"description_kind":"plain","optional":true,"computed":true},"untagged":{"type":"bool","description_kind":"plain","optional":true,"computed":true},"vlan_id":{"type":"number","description_kind":"plain","optional":true,"computed":true}},"description_kind":"plain"}}},"description_kind":"plain"}},"dcnm_rest":{"version":0,"block":{"attributes":{"id":{"type":"string","description_kind":"plain","optional":true,"computed":true},"method":{"type":"string","description_kind":"plain","optional":true,"computed":true},"path":{"type":"string","description_kind":"plain","required":true},"payload":{"type":"string","description_kind":"plain","required":true}},"description_kind":"plain"}},"dcnm_vrf":{"version":0,"block":{"attributes":{"advertise_default_route":{"type":"string","description_kind":"plain","optional":true},"advertise_host_route":{"type":"string","description_kind":"plain","optional":true,"computed":true},"deploy":{"type":"bool","description_kind":"plain","optional":true},"deploy_timeout":{"type":"number","description_kind":"plain","optional":true},"description":{"type":"string","description_kind":"plain","optional":true,"computed":true},"extension_template":{"type":"string","description_kind":"plain","optional":true},"fabric_name":{"type":"string","description_kind":"plain","required":true},"id":{"type":"string","description_kind":"plain","optional":true,"computed":true},"intf_description":{"type":"string","description_kind":"plain","optional":true,"computed":true},"ipv6_link_local_flag":{"type":"string","description_kind":"plain","optional":true},"loopback_id":{"type":"number","description_kind":"plain","optional":true,"computed":true},"max_bgp_path":{"type":"number","description_kind":"plain","optional":true},"max_ibgp_path":{"type":"number","description_kind":"plain","optional":true},"mtu":{"type":"number","description_kind":"plain","optional":true},"mutlicast_address":{"type":"string","description_kind":"plain","optional":true,"computed":true},"mutlicast_group":{"type":"string","description_kind":"plain","optional":true,"computed":true},"name":{"type":"string","description_kind":"plain","required":true},"rp_address":{"type":"string","description_kind":"plain","optional":true,"computed":true},"rp_external_flag":{"type":"string","description_kind":"plain","optional":true,"computed":true},"segment_id":{"type":"string","description_kind":"plain","optional":true,"computed":true},"service_template":{"type":"string","description_kind":"plain","optional":true,"computed":true},"source":{"type":"string","description_kind":"plain","optional":true,"computed":true},"static_default_route":{"type":"string","description_kind":"plain","optional":true},"tag":{"type":"string","description_kind":"plain","optional":true},"template":{"type":"string","description_kind":"plain","optional":true},"trm_bgw_msite_flag":{"type":"string","description_kind":"plain","optional":true,"computed":true},"trm_enable":{"type":"string","description_kind":"plain","optional":true,"computed":true},"vlan_id":{"type":"number","description_kind":"plain","optional":true,"computed":true},"vlan_name":{"type":"string","description_kind":"plain","optional":true,"computed":true}},"block_types":{"attachments":{"nesting_mode":"set","block":{"attributes":{"attach":{"type":"bool","description_kind":"plain","optional":true},"extension_values":{"type":"string","description_kind":"plain","optional":true,"computed":true},"free_form_config":{"type":"string","description_kind":"plain","optional":true,"computed":true},"loopback_id":{"type":"number","description_kind":"plain","optional":true,"computed":true},"loopback_ipv4":{"type":"string","description_kind":"plain","optional":true,"computed":true},"loopback_ipv6":{"type":"string","description_kind":"plain","optional":true,"computed":true},"serial_number":{"type":"string","description_kind":"plain","required":true},"vlan_id":{"type":"number","description_kind":"plain","optional":true,"computed":true}},"description_kind":"plain"}}},"description_kind":"plain"}}},"data_source_schemas":{"dcnm_interface":{"version":0,"block":{"attributes":{"access_vlans":{"type":"string","description_kind":"plain","optional":true,"computed":true},"admin_state":{"type":"bool","description_kind":"plain","optional":true,"computed":true},"allowed_vlans":{"type":"string","description_kind":"plain","optional":true,"computed":true},"bpdu_gaurd_flag":{"type":"string","description_kind":"plain","optional":true,"computed":true},"configuration":{"type":"string","description_kind":"plain","optional":true,"computed":true},"deploy":{"type":"bool","description_kind":"plain","optional":true,"computed":true},"description":{"type":"string","description_kind":"plain","optional":true,"computed":true},"ethernet_speed":{"type":"string","description_kind":"plain","optional":true,"computed":true},"fabric_name":{"type":"string","description_kind":"plain","optional":true,"computed":true},"id":{"type":"string","description_kind":"plain","optional":true,"computed":true},"ipv4":{"type":"string","description_kind":"plain","optional":true,"computed":true},"ipv4_prefix":{"type":"string","description_kind":"plain","optional":true,"computed":true},"ipv6":{"type":"string","description_kind":"plain","optional":true,"computed":true},"ipv6_prefix":{"type":"string","description_kind":"plain","optional":true,"computed":true},"loopback_ls_routing":{"type":"string","description_kind":"plain","optional":true,"computed":true},"loopback_replication_mode":{"type":"string","description_kind":"plain","optional":true,"computed":true},"loopback_router_id":{"type":"string","description_kind":"plain","optional":true,"computed":true},"loopback_routing_tag":{"type":"string","description_kind":"plain","optional":true,"computed":true},"loopback_tag":{"type":"string","description_kind":"plain","optional":true,"computed":true},"mode":{"type":"string","description_kind":"plain","optional":true,"computed":true},"mtu":{"type":"string","description_kind":"plain","optional":true,"computed":true},"name":{"type":"string","description_kind":"plain","required":true},"pc_interface":{"type":["list","string"],"description_kind":"plain","optional":true,"computed":true},"policy":{"type":"string","description_kind":"plain","optional":true,"computed":true},"port_fast_flag":{"type":"bool","description_kind":"plain","optional":true},"serial_number":{"type":"string","description_kind":"plain","required":true},"subinterface_mtu":{"type":"string","description_kind":"plain","optional":true,"computed":true},"subinterface_vlan":{"type":"number","description_kind":"plain","optional":true,"computed":true},"switch_name_1":{"type":"string","description_kind":"plain","optional":true,"computed":true},"switch_name_2":{"type":"string","description_kind":"plain","optional":true,"computed":true},"type":{"type":"string","description_kind":"plain","required":true},"vpc_peer1_access_vlans":{"type":"string","description_kind":"plain","optional":true,"computed":true},"vpc_peer1_allowed_vlans":{"type":"string","description_kind":"plain","optional":true,"computed":true},"vpc_peer1_conf":{"type":"string","description_kind":"plain","optional":true,"computed":true},"vpc_peer1_desc":{"type":"string","description_kind":"plain","optional":true,"computed":true},"vpc_peer1_id":{"type":"number","description_kind":"plain","optional":true,"computed":true},"vpc_peer1_interface":{"type":["list","string"],"description_kind":"plain","optional":true,"computed":true},"vpc_peer2_access_vlans":{"type":"string","description_kind":"plain","optional":true,"computed":true},"vpc_peer2_allowed_vlans":{"type":"string","description_kind":"plain","optional":true,"computed":true},"vpc_peer2_conf":{"type":"string","description_kind":"plain","optional":true,"computed":true},"vpc_peer2_desc":{"type":"string","description_kind":"plain","optional":true,"computed":true},"vpc_peer2_id":{"type":"number","description_kind":"plain","optional":true,"computed":true},"vpc_peer2_interface":{"type":["list","string"],"description_kind":"plain","optional":true,"computed":true},"vrf":{"type":"string","description_kind":"plain","optional":true,"computed":true}},"description_kind":"plain"}},"dcnm_inventory":{"version":0,"block":{"attributes":{"deploy":{"type":"bool","description_kind":"plain","optional":true},"fabric_name":{"type":"string","description_kind":"plain","required":true},"id":{"type":"string","description_kind":"plain","optional":true,"computed":true},"ip":{"type":"string","description_kind":"plain","optional":true,"computed":true},"mode":{"type":"string","description_kind":"plain","optional":true,"computed":true},"model":{"type":"string","description_kind":"plain","optional":true,"computed":true},"role":{"type":"string","description_kind":"plain","optional":true,"computed":true},"serial_number":{"type":"string","description_kind":"plain","optional":true,"computed":true},"switch_db_id":{"type":"string","description_kind":"plain","optional":true,"computed":true},"switch_name":{"type":"string","description_kind":"plain","required":true}},"description_kind":"plain"}},"dcnm_network":{"version":0,"block":{"attributes":{"arp_supp_flag":{"type":"bool","description_kind":"plain","optional":true,"computed":true},"deploy":{"type":"bool","description_kind":"plain","optional":true,"computed":true},"description":{"type":"string","description_kind":"plain","optional":true,"computed":true},"dhcp_1":{"type":"string","description_kind":"plain","optional":true,"computed":true},"dhcp_2":{"type":"string","description_kind":"plain","optional":true,"computed":true},"dhcp_vrf":{"type":"string","description_kind":"plain","optional":true,"computed":true},"display_name":{"type":"string","description_kind":"plain","optional":true,"computed":true},"extension_template":{"type":"string","description_kind":"plain","optional":true,"computed":true},"fabric_name":{"type":"string","description_kind":"plain","required":true},"id":{"type":"string","description_kind":"plain","optional":true,"computed":true},"ipv4_gateway":{"type":"string","description_kind":"plain","optional":true,"computed":true},"ipv6_gateway":{"type":"string","description_kind":"plain","optional":true,"computed":true},"ir_enable_flag":{"type":"bool","description_kind":"plain","optional":true,"computed":true},"l2_only_flag":{"type":"bool","description_kind":"plain","optional":true,"computed":true},"l3_gateway_flag":{"type":"bool","description_kind":"plain","optional":true,"computed":true},"loopback_id":{"type":"number","description_kind":"plain","optional":true,"computed":true},"mcast_group":{"type":"string","description_kind":"plain","optional":true,"computed":true},"mtu":{"type":"number","description_kind":"plain","optional":true,"computed":true},"name":{"type":"string","description_kind":"plain","required":true},"network_id":{"type":"string","description_kind":"plain","optional":true,"computed":true},"rt_both_flag":{"type":"bool","description_kind":"plain","optional":true,"computed":true},"secondary_gw_1":{"type":"string","description_kind":"plain","optional":true,"computed":true},"secondary_gw_2":{"type":"string","description_kind":"plain","optional":true,"computed":true},"service_template":{"type":"string","description_kind":"plain","optional":true,"computed":true},"source":{"type":"string","description_kind":"plain","optional":true,"computed":true},"tag":{"type":"string","description_kind":"plain","optional":true,"computed":true},"template":{"type":"string","description_kind":"plain","optional":true,"computed":true},"trm_enable_flag":{"type":"bool","description_kind":"plain","optional":true,"computed":true},"vlan_id":{"type":"number","description_kind":"plain","optional":true,"computed":true},"vlan_name":{"type":"string","description_kind":"plain","optional":true,"computed":true},"vrf_name":{"type":"string","description_kind":"plain","optional":true,"computed":true}},"block_types":{"attachments":{"nesting_mode":"set","block":{"attributes":{"attach":{"type":"bool","description_kind":"plain","optional":true,"computed":true},"dot1_qvlan":{"type":"number","description_kind":"plain","optional":true,"computed":true},"extension_values":{"type":"string","description_kind":"plain","optional":true,"computed":true},"free_from_config":{"type":"string","description_kind":"plain","optional":true,"computed":true},"instance_values":{"type":"string","description_kind":"plain","optional":true,"computed":true},"serial_number":{"type":"string","description_kind":"plain","optional":true,"computed":true},"switch_ports":{"type":["list","string"],"description_kind":"plain","optional":true,"computed":true},"untagged":{"type":"bool","description_kind":"plain","optional":true,"computed":true},"vlan_id":{"type":"number","description_kind":"plain","optional":true,"computed":true}},"description_kind":"plain"}}},"description_kind":"plain"}},"dcnm_vrf":{"version":0,"block":{"attributes":{"advertise_default_route":{"type":"string","description_kind":"plain","optional":true,"computed":true},"advertise_host_route":{"type":"string","description_kind":"plain","optional":true,"computed":true},"deploy":{"type":"bool","description_kind":"plain","optional":true,"computed":true},"description":{"type":"string","description_kind":"plain","optional":true,"computed":true},"extension_template":{"type":"string","description_kind":"plain","optional":true,"computed":true},"fabric_name":{"type":"string","description_kind":"plain","required":true},"id":{"type":"string","description_kind":"plain","optional":true,"computed":true},"intf_description":{"type":"string","description_kind":"plain","optional":true,"computed":true},"ipv6_link_local_flag":{"type":"string","description_kind":"plain","optional":true,"computed":true},"loopback_id":{"type":"number","description_kind":"plain","optional":true,"computed":true},"max_bgp_path":{"type":"number","description_kind":"plain","optional":true,"computed":true},"max_ibgp_path":{"type":"number","description_kind":"plain","optional":true,"computed":true},"mtu":{"type":"number","description_kind":"plain","optional":true,"computed":true},"mutlicast_address":{"type":"string","description_kind":"plain","optional":true,"computed":true},"mutlicast_group":{"type":"string","description_kind":"plain","optional":true,"computed":true},"name":{"type":"string","description_kind":"plain","required":true},"rp_address":{"type":"string","description_kind":"plain","optional":true,"computed":true},"rp_external_flag":{"type":"string","description_kind":"plain","optional":true,"computed":true},"segment_id":{"type":"string","description_kind":"plain","optional":true,"computed":true},"service_template":{"type":"string","description_kind":"plain","optional":true,"computed":true},"source":{"type":"string","description_kind":"plain","optional":true,"computed":true},"static_default_route":{"type":"string","description_kind":"plain","optional":true,"computed":true},"tag":{"type":"string","description_kind":"plain","optional":true,"computed":true},"template":{"type":"string","description_kind":"plain","optional":true,"computed":true},"trm_bgw_msite_flag":{"type":"string","description_kind":"plain","optional":true,"computed":true},"trm_enable":{"type":"string","description_kind":"plain","optional":true,"computed":true},"vlan_id":{"type":"number","description_kind":"plain","optional":true,"computed":true},"vlan_name":{"type":"string","description_kind":"plain","optional":true,"computed":true}},"block_types":{"attachments":{"nesting_mode":"set","block":{"attributes":{"attach":{"type":"bool","description_kind":"plain","optional":true,"computed":true},"serial_number":{"type":"string","description_kind":"plain","optional":true,"computed":true},"vlan_id":{"type":"number","description_kind":"plain","optional":true,"computed":true}},"description_kind":"plain"}}},"description_kind":"plain"}}}}}}
