{"format_version":"0.2","provider_schemas":{"registry.terraform.io/ciscodevnet/tetration":{"provider":{"version":0,"block":{"attributes":{"api_key":{"type":"string","description":"API key for calculating request signatures for Tetration API calls.","description_kind":"plain","required":true},"api_secret":{"type":"string","description":"API secret for calculating request signatures for Tetration API calls.","description_kind":"plain","required":true},"api_url":{"type":"string","description":"URL for a Tetration API.","description_kind":"plain","required":true},"disable_tls_verification":{"type":"bool","description":"Allow connections to Tetration endpoints without validating their TLS certificate.","description_kind":"plain","optional":true}},"description_kind":"plain"}},"resource_schemas":{"tetration_application":{"version":1,"block":{"attributes":{"alternate_query_mode":{"type":"bool","description":"(Optional) Indicates if “dynamic mode” is used for the application. In dynamic mode, an ADM run creates one or more candidate queries for each cluster. Default value is true.","description_kind":"plain","optional":true},"app_scope_id":{"type":"string","description":"ID of the scope assigned to the application.","description_kind":"plain","required":true},"author":{"type":"string","description":"First and last name of the user who created the application.","description_kind":"plain","computed":true},"catch_all_action":{"type":"string","description":"“ALLOW” or “DENY”","description_kind":"plain","required":true},"created_at":{"type":"number","description":"Unix timestamp indicating when the application was created.","description_kind":"plain","computed":true},"description":{"type":"string","description":"(Optional) User-specified description of the application.","description_kind":"plain","optional":true,"computed":true},"enforced_version":{"type":"number","description":"The enforced p* version of the application.","description_kind":"plain","computed":true},"enforcement_enabled":{"type":"bool","description":"Indicates if enforcement is enabled on the application.","description_kind":"plain","computed":true},"id":{"type":"string","description_kind":"plain","optional":true,"computed":true},"latest_adm_version":{"type":"number","description":"The latest adm (v*) version of the application.","description_kind":"plain","computed":true},"name":{"type":"string","description":"(Optional) User-specified name for the application.","description_kind":"plain","optional":true,"computed":true},"primary":{"type":"bool","description":"(Optional) Set to true to indicate this application is primary for the given scope. Default value is true.","description_kind":"plain","optional":true},"strict_validation":{"type":"bool","description":"(Optional) Return an error if there are unknown keys/attributes in the uploaded data. Useful for catching misspelled keys. Default value is false.","description_kind":"plain","optional":true}},"block_types":{"absolute_policy":{"nesting_mode":"list","block":{"attributes":{"action":{"type":"string","description":"“ALLOW” or “DENY”","description_kind":"plain","optional":true},"consumer_filter_id":{"type":"string","description":"ID of a cluster, user inventory filter, or application scope.","description_kind":"plain","optional":true},"consumer_filter_name":{"type":"string","description":"Named filter. If more than one filter with the same name exists you must specify consumer_filter_id. Only one of consumer_filter_id, consumer_filter_name or consumer_scope_name can be specified.","description_kind":"plain","optional":true},"consumer_scope_name":{"type":"string","description":"Named application scope. If more than one application scope with the same name exists you must specify consumer_filter_id. Only one of consumer_filter_id, consumer_filter_name or consumer_scope_name can be specified.","description_kind":"plain","optional":true},"provider_filter_id":{"type":"string","description":"ID of a cluster, user inventory filter, or application scope.","description_kind":"plain","optional":true},"provider_filter_name":{"type":"string","description":"Named filter. If more than one filter with the same name exists you must specify consumer_filter_id. Only one of consumer_filter_id, consumer_filter_name or consumer_scope_name can be specified.","description_kind":"plain","optional":true},"provider_scope_name":{"type":"string","description":"Named application scope. If more than one application scope with the same name exists you must specify consumer_filter_id. Only one of consumer_filter_id, consumer_filter_name or consumer_scope_name can be specified.","description_kind":"plain","optional":true}},"block_types":{"layer_4_network_policy":{"nesting_mode":"list","block":{"attributes":{"approved":{"type":"bool","description":"(Optional) Indicates whether the policy is approved. Default is false.","description_kind":"plain","optional":true},"port_range":{"type":["list","number"],"description":"Inclusive range of ports; for example, [80, 80] or [5000, 6000].","description_kind":"plain","required":true},"protocol":{"type":"number","description":"Protocol integer value (NULL means all protocols).","description_kind":"plain","required":true}},"description_kind":"plain"}}},"description_kind":"plain"}},"cluster":{"nesting_mode":"list","block":{"attributes":{"consistent_uuid":{"type":"string","description":"Must be unique to a given application. After an ADM run, the similar/same clusters in the next version will maintain the consistent_uuid.","description_kind":"plain","optional":true},"description":{"type":"string","description":"Description of the cluster.","description_kind":"plain","optional":true},"id":{"type":"string","description":"Unique identifier to be used with policies.","description_kind":"plain","optional":true},"name":{"type":"string","description":" Cluster display name.","description_kind":"plain","optional":true}},"block_types":{"node":{"nesting_mode":"list","block":{"attributes":{"ip_address":{"type":"string","description":"IP address or subnet of the node; for example, 10.0.0.1/8 or 1.2.3.4.","description_kind":"plain","required":true},"name":{"type":"string","description":"Displayed name of the node.","description_kind":"plain","optional":true}},"description_kind":"plain"}}},"description_kind":"plain"}},"default_policy":{"nesting_mode":"list","block":{"attributes":{"action":{"type":"string","description":"“ALLOW” or “DENY”","description_kind":"plain","optional":true},"consumer_filter_id":{"type":"string","description":"ID of a cluster, user inventory filter, or application scope.","description_kind":"plain","optional":true},"consumer_filter_name":{"type":"string","description":"Named filter. If more than one filter with the same name exists you must specify consumer_filter_id. Only one of consumer_filter_id, consumer_filter_name or consumer_scope_name can be specified.","description_kind":"plain","optional":true},"consumer_scope_name":{"type":"string","description":"Named application scope. If more than one application scope with the same name exists you must specify consumer_filter_id. Only one of consumer_filter_id, consumer_filter_name or consumer_scope_name can be specified.","description_kind":"plain","optional":true},"provider_filter_id":{"type":"string","description":"ID of a cluster, user inventory filter, or application scope.","description_kind":"plain","optional":true},"provider_filter_name":{"type":"string","description":"Named filter. If more than one filter with the same name exists you must specify consumer_filter_id. Only one of consumer_filter_id, consumer_filter_name or consumer_scope_name can be specified.","description_kind":"plain","optional":true},"provider_scope_name":{"type":"string","description":"Named application scope. If more than one application scope with the same name exists you must specify consumer_filter_id. Only one of consumer_filter_id, consumer_filter_name or consumer_scope_name can be specified.","description_kind":"plain","optional":true}},"block_types":{"layer_4_network_policy":{"nesting_mode":"list","block":{"attributes":{"approved":{"type":"bool","description":"(Optional) Indicates whether the policy is approved. Default is false.","description_kind":"plain","optional":true},"port_range":{"type":["list","number"],"description":"Inclusive range of ports; for example, [80, 80] or [5000, 6000].","description_kind":"plain","required":true},"protocol":{"type":"number","description":"Protocol integer value (NULL means all protocols).","description_kind":"plain","optional":true}},"description_kind":"plain"}}},"description_kind":"plain"}},"filter":{"nesting_mode":"list","block":{"attributes":{"id":{"type":"string","description":"Unique identifier to be used with policies.","description_kind":"plain","required":true},"name":{"type":"string","description":"Displayed name of the cluster.","description_kind":"plain","optional":true},"query":{"type":"string","description":"JSON object representation of an inventory filter query.","description_kind":"plain","required":true}},"description_kind":"plain"}}},"description_kind":"plain"}},"tetration_filter":{"version":1,"block":{"attributes":{"app_scope_id":{"type":"string","description":"ID of the scope associated with the filter.","description_kind":"plain","required":true},"id":{"type":"string","description_kind":"plain","optional":true,"computed":true},"name":{"type":"string","description":"User-specified name for the inventory filter.","description_kind":"plain","required":true},"primary":{"type":"bool","description":"(Optional) When true, the filter is restricted to the ownership scope.","description_kind":"plain","optional":true},"public":{"type":"bool","description":"(Optional) When true the filter provides a service for its scope. Must also be primary/scope restricted.","description_kind":"plain","optional":true},"query":{"type":"string","description":"JSON object representation of an inventory filter query.","description_kind":"plain","required":true}},"description_kind":"plain"}},"tetration_role":{"version":1,"block":{"attributes":{"access_app_scope_id":{"type":"string","description":"The scope to which this role will be given access","description_kind":"plain","required":true},"access_type":{"type":"string","description":"The type of access to grant the role to the `access_app_scope_id` scope.\n Valid values are [SCOPE_READ, SCOPE_WRITE, EXECUTE, ENFORCE, SCOPE_OWNER, DEVELOPER]","description_kind":"plain","required":true},"app_scope_id":{"type":"string","description":"The scope in which this role will be created","description_kind":"plain","required":true},"description":{"type":"string","description":"The role's description","description_kind":"plain","required":true},"id":{"type":"string","description_kind":"plain","optional":true,"computed":true},"name":{"type":"string","description":"(Optional) User-specified name for the role.","description_kind":"plain","optional":true,"computed":true},"user_ids":{"type":["set","string"],"description":"The users to which this role will be assigned","description_kind":"plain","optional":true,"computed":true}},"description_kind":"plain"}},"tetration_scope":{"version":1,"block":{"attributes":{"child_app_scope_ids":{"type":["list","string"],"description":"Indicates a child or parent query has been updated and that the changes need to be committed..","description_kind":"plain","computed":true},"created_at":{"type":"number","description":"Unix Epoch timestamp when scope was created.","description_kind":"plain","computed":true},"description":{"type":"string","description":"User-specified description of the scope.","description_kind":"plain","optional":true},"dirty":{"type":"bool","description":"Indicates a child or parent query has been updated and that the changes need to be committed..","description_kind":"plain","computed":true},"id":{"type":"string","description_kind":"plain","optional":true,"computed":true},"name":{"type":"string","description":"Fully qualified name of the scope. This is a fully qualified name; that is, it includes the names of parent scopes (if applicable) all the way to the root scope.","description_kind":"plain","computed":true},"parent_app_scope_id":{"type":"string","description":"What resource field to use when evaluating the scope query.","description_kind":"plain","required":true},"policy_priority":{"type":"number","description":"Used to sort application priorities; default is last.","description_kind":"plain","optional":true,"computed":true},"priority":{"type":"string","description_kind":"plain","computed":true},"root_app_scope_id":{"type":"string","description":"Root scope for the tetration installation","description_kind":"plain","computed":true},"short_name":{"type":"string","description":"User-specified name for the scope.","description_kind":"plain","required":true},"short_priority":{"type":"number","description":"Used to sort application priorities; default is last.","description_kind":"plain","computed":true},"short_query_field":{"type":"string","description":"What resource field to use when evaluating the scope query.","description_kind":"plain","required":true},"short_query_type":{"type":"string","description":"Scope short query type.","description_kind":"plain","required":true},"short_query_value":{"type":"string","description":"What resource value to use when evaluating the scope query.","description_kind":"plain","required":true},"updated_at":{"type":"number","description":"Unix Epoch timestamp when scope was last updated.","description_kind":"plain","computed":true},"vrf_id":{"type":"number","description":"ID of the VRF to which scope belongs.","description_kind":"plain","computed":true}},"description_kind":"plain"}},"tetration_tag":{"version":1,"block":{"attributes":{"attributes":{"type":["map","string"],"description":"Key/value map for tagging matching flows and inventory items.","description_kind":"plain","optional":true,"computed":true},"id":{"type":"string","description_kind":"plain","optional":true,"computed":true},"ip":{"type":"string","description":"IPv4/IPv6 address or subnet.","description_kind":"plain","required":true},"tenant_name":{"type":"string","description":"Tetration root app scope name.","description_kind":"plain","optional":true}},"description_kind":"plain"}},"tetration_user":{"version":1,"block":{"attributes":{"app_scope_id":{"type":"string","description":"(Optional) Root scope to which the user belongs.","description_kind":"plain","optional":true,"computed":true},"disabled_at":{"type":"number","description":"UNIX timestamp indicating when the user account was disabled. Zero or null if not disabled.","description_kind":"plain","computed":true},"email":{"type":"string","description":"Email address associated with the user account.","description_kind":"plain","required":true},"enable_existing":{"type":"bool","description":"If true, and an existing but disabled user with the same email exists they will be enabled.","description_kind":"plain","optional":true},"first_name":{"type":"string","description":"Userʼs first name.","description_kind":"plain","required":true},"id":{"type":"string","description_kind":"plain","optional":true,"computed":true},"last_name":{"type":"string","description":"Userʼs last name.","description_kind":"plain","required":true},"role_ids":{"type":["set","string"],"description":"(Optional) A list of roles to be assigned to the user.","description_kind":"plain","optional":true,"computed":true}},"description_kind":"plain"}}}}}}
