{"format_version":"0.2","provider_schemas":{"registry.terraform.io/ciscodevnet/sdwan":{"provider":{"version":0,"block":{"attributes":{"insecure":{"type":"bool","description":"Allow insecure HTTPS client","description_kind":"plain","optional":true},"password":{"type":"string","description":"Password for the SDWAN vManage server","description_kind":"plain","required":true},"proxy_creds":{"type":"string","description":"Proxy Server Credentials in the form of username:password","description_kind":"plain","optional":true},"proxy_url":{"type":"string","description":"Proxy Server URL with port number","description_kind":"plain","optional":true},"rate_limit":{"type":"number","description":"API rate limit per second","description_kind":"plain","optional":true},"url":{"type":"string","description":"URL for the SDWAN vManage server","description_kind":"plain","required":true},"username":{"type":"string","description":"Username for the SDWAN vManage server","description_kind":"plain","required":true}},"description_kind":"plain"}},"resource_schemas":{"sdwan_device_template":{"version":1,"block":{"attributes":{"config_type":{"type":"string","description":"Configuration type for  Device Template","description_kind":"plain","required":true},"connection_preference":{"type":"bool","description":"connectionPreference for Device Template","description_kind":"plain","optional":true,"computed":true},"connection_preference_required":{"type":"bool","description":"connectionPreferenceRequired flagfor Device Template","description_kind":"plain","optional":true,"computed":true},"created_by":{"type":"string","description":"User who created Device Template","description_kind":"plain","computed":true},"created_on":{"type":"number","description":"Time when  Device Template is created","description_kind":"plain","computed":true},"device_role":{"type":"string","description":"Device role of the device","description_kind":"plain","required":true},"device_type":{"type":"string","description":"Type of device for which Device Template should be created","description_kind":"plain","required":true},"factory_default":{"type":"bool","description":"Boolean flag indicating whether Device Template is factory default or not","description_kind":"plain","required":true},"feature":{"type":"string","description":"Feature for Device Template","description_kind":"plain","computed":true},"feature_template_uid_range":{"type":["list","string"],"description":"featureTemplateUidRange for  Device Template","description_kind":"plain","optional":true,"computed":true},"id":{"type":"string","description_kind":"plain","optional":true,"computed":true},"last_updated_by":{"type":"string","description":"User who updated  Device Template last","description_kind":"plain","computed":true},"last_updated_on":{"type":"number","description":"Time when Device Template last updated","description_kind":"plain","computed":true},"policy_id":{"type":"string","description":"policyId for  Device Template","description_kind":"plain","optional":true,"computed":true},"rid":{"type":"number","description":"Request ID for Device Template","description_kind":"plain","computed":true},"template_attached":{"type":"number","description":"Number of templates attached to Device Template","description_kind":"plain","computed":true},"template_class":{"type":"string","description":"Template Class type for  Device Template","description_kind":"plain","computed":true},"template_configuration":{"type":"string","description":"Device Template configuration","description_kind":"plain","optional":true},"template_description":{"type":"string","description":"Long Description of Device Template","description_kind":"plain","required":true},"template_id":{"type":"string","description":"Device Template id for  Device Template","description_kind":"plain","computed":true},"template_name":{"type":"string","description":"Unique Device Template Name","description_kind":"plain","required":true}},"block_types":{"general_templates":{"nesting_mode":"set","block":{"attributes":{"template_id":{"type":"string","description":"Template Id of Feature Template","description_kind":"plain","required":true},"template_type":{"type":"string","description":"Template Type of Feature Template","description_kind":"plain","required":true}},"block_types":{"sub_templates":{"nesting_mode":"set","block":{"attributes":{"sub_template_id":{"type":"string","description":"Sub Template Id of Feature Template","description_kind":"plain","required":true},"sub_template_type":{"type":"string","description":"Sub Template Type of Feature Template","description_kind":"plain","required":true}},"description":"List of Sub Templates associated with feature Template","description_kind":"plain"}}},"description":"List of Feature Templates and thier Sub Templates thourgh which Device Template is created","description_kind":"plain"}}},"description":"Manages Cisco SD-WAN Device Template","description_kind":"plain"}},"sdwan_devices_attachment":{"version":0,"block":{"attributes":{"device_template_id":{"type":"string","description_kind":"plain","required":true},"file":{"type":"string","description_kind":"plain","required":true},"id":{"type":"string","description_kind":"plain","optional":true,"computed":true},"timeout":{"type":"number","description_kind":"plain","optional":true}},"block_types":{"devices_list":{"nesting_mode":"set","block":{"attributes":{"activity":{"type":["list","string"],"description_kind":"plain","computed":true},"attach":{"type":"bool","description_kind":"plain","optional":true},"chassis_number":{"type":"string","description_kind":"plain","required":true},"status":{"type":"string","description_kind":"plain","computed":true}},"description_kind":"plain"},"min_items":1}},"description_kind":"plain"}},"sdwan_ntp_feature_template":{"version":0,"block":{"attributes":{"attached_masters_count":{"type":"number","description_kind":"plain","computed":true},"config_type":{"type":"string","description_kind":"plain","computed":true},"created_by":{"type":"string","description_kind":"plain","computed":true},"created_on":{"type":"number","description_kind":"plain","computed":true},"device_type":{"type":["list","string"],"description_kind":"plain","required":true},"devices_attached":{"type":"number","description_kind":"plain","computed":true},"factory_default":{"type":"bool","description_kind":"plain","required":true},"feature":{"type":"string","description_kind":"plain","computed":true},"g_template_class":{"type":"string","description_kind":"plain","computed":true},"id":{"type":"string","description_kind":"plain","optional":true,"computed":true},"last_updated_by":{"type":"string","description_kind":"plain","computed":true},"last_updated_on":{"type":"number","description_kind":"plain","computed":true},"rid":{"type":"number","description_kind":"plain","computed":true},"template_description":{"type":"string","description_kind":"plain","required":true},"template_id":{"type":"string","description_kind":"plain","computed":true},"template_min_version":{"type":"string","description_kind":"plain","required":true},"template_name":{"type":"string","description_kind":"plain","required":true},"template_type":{"type":"string","description_kind":"plain","required":true}},"block_types":{"template_definition":{"nesting_mode":"set","block":{"attributes":{"trusted":{"type":["list","string"],"description_kind":"plain","optional":true,"computed":true}},"block_types":{"authentication":{"nesting_mode":"set","block":{"attributes":{"id":{"type":"number","description_kind":"plain","required":true},"value":{"type":"string","description_kind":"plain","required":true,"sensitive":true}},"description_kind":"plain"}},"master":{"nesting_mode":"set","block":{"attributes":{"enable":{"type":"bool","description_kind":"plain","optional":true,"computed":true},"source":{"type":"string","description_kind":"plain","optional":true,"computed":true},"stratum":{"type":"number","description_kind":"plain","optional":true,"computed":true}},"description_kind":"plain"},"max_items":1},"server":{"nesting_mode":"set","block":{"attributes":{"hostname":{"type":"string","description_kind":"plain","required":true},"key":{"type":"number","description_kind":"plain","required":true},"prefer":{"type":"bool","description_kind":"plain","optional":true},"source_interface":{"type":"string","description_kind":"plain","optional":true,"computed":true},"version":{"type":"number","description_kind":"plain","required":true},"vpn":{"type":"number","description_kind":"plain","required":true}},"description_kind":"plain"},"max_items":4}},"description_kind":"plain"},"min_items":1,"max_items":1}},"description_kind":"plain"}},"sdwan_system_feature_template":{"version":0,"block":{"attributes":{"attached_masters_count":{"type":"number","description_kind":"plain","computed":true},"config_type":{"type":"string","description_kind":"plain","computed":true},"created_by":{"type":"string","description_kind":"plain","computed":true},"created_on":{"type":"number","description_kind":"plain","computed":true},"device_type":{"type":["list","string"],"description_kind":"plain","required":true},"devices_attached":{"type":"number","description_kind":"plain","computed":true},"factory_default":{"type":"bool","description_kind":"plain","required":true},"feature":{"type":"string","description_kind":"plain","computed":true},"g_template_class":{"type":"string","description_kind":"plain","computed":true},"id":{"type":"string","description_kind":"plain","optional":true,"computed":true},"last_updated_by":{"type":"string","description_kind":"plain","computed":true},"last_updated_on":{"type":"number","description_kind":"plain","computed":true},"rid":{"type":"number","description_kind":"plain","computed":true},"template_description":{"type":"string","description_kind":"plain","required":true},"template_id":{"type":"string","description_kind":"plain","computed":true},"template_min_version":{"type":"string","description_kind":"plain","required":true},"template_name":{"type":"string","description_kind":"plain","required":true},"template_type":{"type":"string","description_kind":"plain","required":true}},"block_types":{"template_definition":{"nesting_mode":"set","block":{"block_types":{"system_advanced":{"nesting_mode":"set","block":{"attributes":{"admin_tech_on_failure":{"type":"bool","description_kind":"plain","optional":true},"allow_same_site_tunnels":{"type":"bool","description_kind":"plain","optional":true},"control_session_pps":{"type":"number","description_kind":"plain","optional":true},"dns_cache_timeout":{"type":"number","description_kind":"plain","optional":true},"eco_friendly_mode":{"type":"bool","description_kind":"plain","optional":true},"host_policer_pps":{"type":"number","description_kind":"plain","optional":true},"icmp_error_pps":{"type":"number","description_kind":"plain","optional":true},"idle_timeout":{"type":"number","description_kind":"plain","optional":true},"multicast_buffer_percent":{"type":"number","description_kind":"plain","optional":true},"on_demand_enable":{"type":"bool","description_kind":"plain","optional":true},"on_demand_idle_timeout":{"type":"number","description_kind":"plain","optional":true},"port_hop":{"type":"bool","description_kind":"plain","optional":true},"port_offset":{"type":"number","description_kind":"plain","optional":true},"route_consistency_check":{"type":"bool","description_kind":"plain","optional":true},"system_tunnel_mtu":{"type":"number","description_kind":"plain","optional":true},"track_default_gateway":{"type":"bool","description_kind":"plain","optional":true},"track_interface_tag":{"type":"number","description_kind":"plain","optional":true},"track_transport":{"type":"bool","description_kind":"plain","optional":true},"usb_controller":{"type":"bool","description_kind":"plain","optional":true},"vbond_local":{"type":"bool","description_kind":"plain","optional":true}},"description_kind":"plain"},"max_items":1},"system_basic":{"nesting_mode":"set","block":{"attributes":{"console_baud_rate":{"type":"string","description_kind":"plain","optional":true},"controller_groups":{"type":["list","string"],"description_kind":"plain","optional":true},"description":{"type":"string","description_kind":"plain","optional":true},"device_groups":{"type":["list","string"],"description_kind":"plain","optional":true},"location":{"type":"string","description_kind":"plain","optional":true},"max_omp_sessions":{"type":"number","description_kind":"plain","optional":true},"overlay_id":{"type":"number","description_kind":"plain","optional":true},"tcp_optimization_enabled":{"type":"bool","description_kind":"plain","optional":true},"timezone":{"type":"string","description_kind":"plain","optional":true}},"description_kind":"plain"},"min_items":1,"max_items":1},"system_gps":{"nesting_mode":"set","block":{"attributes":{"latitude":{"type":"number","description_kind":"plain","optional":true},"longitude":{"type":"number","description_kind":"plain","optional":true}},"description_kind":"plain"},"max_items":1},"system_trackers":{"nesting_mode":"set","block":{"attributes":{"tracker_endpoint_type":{"type":"string","description_kind":"plain","required":true},"tracker_endpoint_value":{"type":"string","description_kind":"plain","required":true},"tracker_interval":{"type":"number","description_kind":"plain","optional":true},"tracker_multiplier":{"type":"number","description_kind":"plain","optional":true},"tracker_name":{"type":"string","description_kind":"plain","required":true},"tracker_threshold":{"type":"number","description_kind":"plain","optional":true},"tracker_type":{"type":"string","description_kind":"plain","optional":true}},"description_kind":"plain"},"max_items":8}},"description_kind":"plain"},"min_items":1,"max_items":1}},"description_kind":"plain"}},"sdwan_vpn_feature_template":{"version":1,"block":{"attributes":{"attached_masters_count":{"type":"number","description_kind":"plain","computed":true},"config_type":{"type":"string","description_kind":"plain","computed":true},"created_by":{"type":"string","description_kind":"plain","computed":true},"created_on":{"type":"number","description_kind":"plain","computed":true},"device_type":{"type":["list","string"],"description_kind":"plain","required":true},"devices_attached":{"type":"number","description_kind":"plain","computed":true},"factory_default":{"type":"bool","description_kind":"plain","required":true},"feature":{"type":"string","description_kind":"plain","computed":true},"g_template_class":{"type":"string","description_kind":"plain","computed":true},"id":{"type":"string","description_kind":"plain","optional":true,"computed":true},"last_updated_by":{"type":"string","description_kind":"plain","computed":true},"last_updated_on":{"type":"number","description_kind":"plain","computed":true},"rid":{"type":"number","description_kind":"plain","computed":true},"template_description":{"type":"string","description_kind":"plain","required":true},"template_id":{"type":"string","description_kind":"plain","computed":true},"template_min_version":{"type":"string","description_kind":"plain","required":true},"template_name":{"type":"string","description_kind":"plain","required":true},"template_type":{"type":"string","description_kind":"plain","required":true}},"block_types":{"template_definition":{"nesting_mode":"set","block":{"attributes":{"te_service_enabled":{"type":"bool","description_kind":"plain","optional":true}},"block_types":{"ipv4_route":{"nesting_mode":"set","block":{"attributes":{"gateway_type":{"type":"string","description_kind":"plain","required":true},"null0_distance":{"type":"string","description_kind":"plain","optional":true,"computed":true},"prefix":{"type":"string","description_kind":"plain","required":true}},"block_types":{"next_hop":{"nesting_mode":"set","block":{"attributes":{"next_hop_address":{"type":"string","description_kind":"plain","required":true},"next_hop_distance":{"type":"string","description_kind":"plain","optional":true,"computed":true}},"description_kind":"plain"}}},"description_kind":"plain"}},"ipv6_route":{"nesting_mode":"set","block":{"attributes":{"gateway_type":{"type":"string","description_kind":"plain","required":true},"null0_distance":{"type":"string","description_kind":"plain","optional":true,"computed":true},"prefix":{"type":"string","description_kind":"plain","required":true}},"block_types":{"next_hop":{"nesting_mode":"set","block":{"attributes":{"next_hop_address":{"type":"string","description_kind":"plain","required":true},"next_hop_distance":{"type":"string","description_kind":"plain","optional":true,"computed":true}},"description_kind":"plain"}}},"description_kind":"plain"}},"nat64":{"nesting_mode":"set","block":{"attributes":{"end_address":{"type":"string","description_kind":"plain","required":true},"overload":{"type":"bool","description_kind":"plain","optional":true},"pool_name":{"type":"string","description_kind":"plain","required":true},"start_address":{"type":"string","description_kind":"plain","required":true}},"description_kind":"plain"},"max_items":1},"service_route":{"nesting_mode":"set","block":{"attributes":{"prefix":{"type":"string","description_kind":"plain","required":true},"service_type":{"type":"string","description_kind":"plain","optional":true,"computed":true}},"description_kind":"plain"}},"vpn_basic":{"nesting_mode":"set","block":{"attributes":{"ecmp_hash_key":{"type":"bool","description_kind":"plain","optional":true},"name":{"type":"string","description_kind":"plain","optional":true,"computed":true},"vpn_id":{"type":"number","description_kind":"plain","required":true}},"description_kind":"plain"},"min_items":1,"max_items":1},"vpn_dns":{"nesting_mode":"set","block":{"attributes":{"primary_dns_ipv4":{"type":"string","description_kind":"plain","optional":true,"computed":true},"primary_dns_ipv6":{"type":"string","description_kind":"plain","optional":true,"computed":true},"secondary_dns_ipv4":{"type":"string","description_kind":"plain","optional":true,"computed":true},"secondary_dns_ipv6":{"type":"string","description_kind":"plain","optional":true,"computed":true}},"block_types":{"vpn_host":{"nesting_mode":"set","block":{"attributes":{"hostname":{"type":"string","description_kind":"plain","required":true},"ip":{"type":["list","string"],"description_kind":"plain","required":true}},"description_kind":"plain"}}},"description_kind":"plain"},"max_items":1}},"description_kind":"plain"},"min_items":1,"max_items":1}},"description_kind":"plain"}},"sdwan_vpn_interface_feature_template":{"version":0,"block":{"attributes":{"attached_masters_count":{"type":"number","description_kind":"plain","computed":true},"config_type":{"type":"string","description_kind":"plain","computed":true},"created_by":{"type":"string","description_kind":"plain","computed":true},"created_on":{"type":"number","description_kind":"plain","computed":true},"device_type":{"type":["list","string"],"description_kind":"plain","required":true},"devices_attached":{"type":"number","description_kind":"plain","computed":true},"factory_default":{"type":"bool","description_kind":"plain","required":true},"feature":{"type":"string","description_kind":"plain","computed":true},"g_template_class":{"type":"string","description_kind":"plain","computed":true},"id":{"type":"string","description_kind":"plain","optional":true,"computed":true},"last_updated_by":{"type":"string","description_kind":"plain","computed":true},"last_updated_on":{"type":"number","description_kind":"plain","computed":true},"rid":{"type":"number","description_kind":"plain","computed":true},"template_description":{"type":"string","description_kind":"plain","required":true},"template_id":{"type":"string","description_kind":"plain","computed":true},"template_min_version":{"type":"string","description_kind":"plain","required":true},"template_name":{"type":"string","description_kind":"plain","required":true},"template_type":{"type":"string","description_kind":"plain","required":true}},"block_types":{"template_definition":{"nesting_mode":"set","block":{"block_types":{"vpn_interface_8021x":{"nesting_mode":"set","block":{"attributes":{"account_interim_interval":{"type":"number","description_kind":"plain","optional":true,"computed":true},"control_direction":{"type":"string","description_kind":"plain","optional":true},"host_mode":{"type":"string","description_kind":"plain","optional":true},"inactivity":{"type":"number","description_kind":"plain","optional":true},"nas_identifier":{"type":"string","description_kind":"plain","optional":true,"computed":true},"nas_ip":{"type":"string","description_kind":"plain","optional":true,"computed":true},"radius_server":{"type":["list","string"],"description_kind":"plain","optional":true,"computed":true},"reauthentication":{"type":"number","description_kind":"plain","optional":true},"wake_on_lan":{"type":"bool","description_kind":"plain","optional":true}},"block_types":{"advanced_options":{"nesting_mode":"set","block":{"block_types":{"dynamic_authentication_server":{"nesting_mode":"set","block":{"attributes":{"client":{"type":"string","description_kind":"plain","optional":true,"computed":true},"das_port":{"type":"number","description_kind":"plain","optional":true},"required_timestamp":{"type":"bool","description_kind":"plain","optional":true},"secret_key":{"type":"string","description_kind":"plain","optional":true,"computed":true,"sensitive":true},"time_window":{"type":"number","description_kind":"plain","optional":true},"vpn":{"type":"number","description_kind":"plain","optional":true}},"description_kind":"plain"},"max_items":1},"mac_authentication_bypass":{"nesting_mode":"set","block":{"attributes":{"mac_authentication_bypass_entries":{"type":["list","string"],"description_kind":"plain","optional":true},"server":{"type":"bool","description_kind":"plain","optional":true}},"description_kind":"plain"},"max_items":1},"request_attributes":{"nesting_mode":"set","block":{"block_types":{"accounting":{"nesting_mode":"set","block":{"attributes":{"id":{"type":"number","description_kind":"plain","required":true},"syntax_choice":{"type":"string","description_kind":"plain","required":true},"value":{"type":"string","description_kind":"plain","required":true}},"description_kind":"plain"}},"authentication":{"nesting_mode":"set","block":{"attributes":{"id":{"type":"number","description_kind":"plain","required":true},"syntax_choice":{"type":"string","description_kind":"plain","required":true},"value":{"type":"string","description_kind":"plain","required":true}},"description_kind":"plain"}}},"description_kind":"plain"},"max_items":1},"vlan":{"nesting_mode":"set","block":{"attributes":{"authentication_fail_vlan":{"type":"number","description_kind":"plain","optional":true,"computed":true},"authentication_reject_vlan":{"type":"number","description_kind":"plain","optional":true,"computed":true},"default_vlan":{"type":"number","description_kind":"plain","optional":true,"computed":true},"guest_vlan":{"type":"number","description_kind":"plain","optional":true,"computed":true}},"description_kind":"plain"},"max_items":1}},"description_kind":"plain"},"max_items":1}},"description_kind":"plain"},"max_items":1},"vpn_interface_acl_qos":{"nesting_mode":"set","block":{"attributes":{"adapt_period":{"type":"number","description_kind":"plain","optional":true},"egress_policer_name":{"type":"string","description_kind":"plain","optional":true,"computed":true},"ingress_policer_name":{"type":"string","description_kind":"plain","optional":true,"computed":true},"ipv4_egress_access_list":{"type":"string","description_kind":"plain","optional":true,"computed":true},"ipv4_ingress_access_list":{"type":"string","description_kind":"plain","optional":true,"computed":true},"ipv6_egress_access_list":{"type":"string","description_kind":"plain","optional":true,"computed":true},"ipv6_ingress_access_list":{"type":"string","description_kind":"plain","optional":true,"computed":true},"qos_map":{"type":"string","description_kind":"plain","optional":true,"computed":true},"rewrite_rule":{"type":"string","description_kind":"plain","optional":true,"computed":true},"shaping_rate":{"type":"number","description_kind":"plain","optional":true,"computed":true},"shaping_rate_downstream_default":{"type":"number","description_kind":"plain","optional":true,"computed":true},"shaping_rate_downstream_max":{"type":"number","description_kind":"plain","optional":true,"computed":true},"shaping_rate_downstream_min":{"type":"number","description_kind":"plain","optional":true,"computed":true},"shaping_rate_upstream_default":{"type":"number","description_kind":"plain","optional":true,"computed":true},"shaping_rate_upstream_max":{"type":"number","description_kind":"plain","optional":true,"computed":true},"shaping_rate_upstream_min":{"type":"number","description_kind":"plain","optional":true,"computed":true}},"description_kind":"plain"},"max_items":1},"vpn_interface_advanced":{"nesting_mode":"set","block":{"attributes":{"arp_timeout":{"type":"number","description_kind":"plain","optional":true},"autonegotiation":{"type":"bool","description_kind":"plain","optional":true},"clear_dont_fragment":{"type":"bool","description_kind":"plain","optional":true},"duplex":{"type":"string","description_kind":"plain","optional":true,"computed":true},"flow_control":{"type":"string","description_kind":"plain","optional":true},"gre_tunnel_source_ip":{"type":"string","description_kind":"plain","optional":true,"computed":true},"icmp_redirect_disable":{"type":"bool","description_kind":"plain","optional":true},"ip_directed_broadcast":{"type":"bool","description_kind":"plain","optional":true},"ip_mtu":{"type":"number","description_kind":"plain","optional":true},"load_interval":{"type":"number","description_kind":"plain","optional":true,"computed":true},"mac_address":{"type":"string","description_kind":"plain","optional":true,"computed":true},"pmtu_discovery":{"type":"bool","description_kind":"plain","optional":true},"power_over_ethernet":{"type":"bool","description_kind":"plain","optional":true},"speed":{"type":"string","description_kind":"plain","optional":true,"computed":true},"static_ingess_qos":{"type":"string","description_kind":"plain","optional":true,"computed":true},"tcp_mss":{"type":"string","description_kind":"plain","optional":true,"computed":true},"tloc_extension":{"type":"string","description_kind":"plain","optional":true},"tracker":{"type":["list","string"],"description_kind":"plain","optional":true,"computed":true},"xconnect":{"type":"string","description_kind":"plain","optional":true,"computed":true}},"description_kind":"plain"},"max_items":1},"vpn_interface_arp":{"nesting_mode":"set","block":{"attributes":{"ip_address":{"type":"string","description_kind":"plain","required":true},"mac_address":{"type":"string","description_kind":"plain","required":true}},"description_kind":"plain"}},"vpn_interface_basic":{"nesting_mode":"set","block":{"attributes":{"bandwidth_downstream":{"type":"number","description_kind":"plain","optional":true,"computed":true},"bandwidth_upstream":{"type":"number","description_kind":"plain","optional":true,"computed":true},"block_non_source_ip":{"type":"bool","description_kind":"plain","optional":true},"description":{"type":"string","description_kind":"plain","optional":true,"computed":true},"shutdown":{"type":"bool","description_kind":"plain","optional":true}},"block_types":{"ipv4":{"nesting_mode":"set","block":{"attributes":{"dhcp_distance":{"type":"string","description_kind":"plain","optional":true,"computed":true},"dhcp_helper":{"type":["list","string"],"description_kind":"plain","optional":true,"computed":true},"primary_address":{"type":"string","description_kind":"plain","optional":true,"computed":true}},"block_types":{"secondary_address":{"nesting_mode":"set","block":{"attributes":{"address":{"type":"string","description_kind":"plain","required":true}},"description_kind":"plain"},"max_items":4}},"description_kind":"plain"},"max_items":1},"ipv6":{"nesting_mode":"set","block":{"attributes":{"dhcp_distance":{"type":"string","description_kind":"plain","optional":true,"computed":true},"dhcp_rapid_commit":{"type":"bool","description_kind":"plain","optional":true},"primary_address":{"type":"string","description_kind":"plain","optional":true,"computed":true}},"block_types":{"dhcp_helper":{"nesting_mode":"set","block":{"attributes":{"address":{"type":"string","description_kind":"plain","required":true},"vpn":{"type":"number","description_kind":"plain","optional":true,"computed":true}},"description_kind":"plain"},"max_items":8},"secondary_address":{"nesting_mode":"set","block":{"attributes":{"address":{"type":"string","description_kind":"plain","required":true}},"description_kind":"plain"},"max_items":2}},"description_kind":"plain"},"max_items":1}},"description_kind":"plain"},"min_items":1,"max_items":1},"vpn_interface_nat":{"nesting_mode":"set","block":{"block_types":{"ipv4":{"nesting_mode":"set","block":{"attributes":{"block_icmp":{"type":"bool","description_kind":"plain","optional":true},"log_nat_flow_creations_or_deletions":{"type":"bool","description_kind":"plain","optional":true},"nat_inside_source_loopback_interface":{"type":"string","description_kind":"plain","optional":true,"computed":true},"nat_pool_prefix_length":{"type":"number","description_kind":"plain","optional":true},"nat_pool_range_end":{"type":"string","description_kind":"plain","optional":true,"computed":true},"nat_pool_range_start":{"type":"string","description_kind":"plain","optional":true,"computed":true},"nat_type":{"type":"string","description_kind":"plain","optional":true},"overload":{"type":"bool","description_kind":"plain","optional":true},"refresh_mode":{"type":"string","description_kind":"plain","optional":true},"respond_to_ping":{"type":"bool","description_kind":"plain","optional":true},"tcp_timeout":{"type":"number","description_kind":"plain","optional":true},"udp_timeout":{"type":"number","description_kind":"plain","optional":true}},"block_types":{"port_forward":{"nesting_mode":"set","block":{"attributes":{"port_end_range":{"type":"number","description_kind":"plain","required":true},"port_start_range":{"type":"number","description_kind":"plain","required":true},"private_ip":{"type":"string","description_kind":"plain","required":true},"protocol":{"type":"string","description_kind":"plain","required":true},"vpn":{"type":"number","description_kind":"plain","required":true}},"description_kind":"plain"}},"static_nat":{"nesting_mode":"set","block":{"attributes":{"protocol":{"type":"string","description_kind":"plain","optional":true,"computed":true},"source_ip":{"type":"string","description_kind":"plain","required":true},"source_port":{"type":"string","description_kind":"plain","optional":true,"computed":true},"source_vpn_id":{"type":"number","description_kind":"plain","optional":true},"static_nat_direction":{"type":"string","description_kind":"plain","optional":true},"translate_port":{"type":"string","description_kind":"plain","optional":true,"computed":true},"translated_source_ip":{"type":"string","description_kind":"plain","required":true}},"description_kind":"plain"}}},"description_kind":"plain"},"max_items":1},"ipv6":{"nesting_mode":"set","block":{"attributes":{"nat64":{"type":"bool","description_kind":"plain","optional":true}},"description_kind":"plain"},"max_items":1}},"description_kind":"plain"},"max_items":1},"vpn_interface_trustsec":{"nesting_mode":"set","block":{"attributes":{"enable_sgt_propagation":{"type":"bool","description_kind":"plain","optional":true},"propagate":{"type":"bool","description_kind":"plain","optional":true,"computed":true},"security_group_tag":{"type":"number","description_kind":"plain","optional":true,"computed":true},"trusted":{"type":"bool","description_kind":"plain","optional":true}},"description_kind":"plain"},"max_items":1},"vpn_interface_tunnel":{"nesting_mode":"set","block":{"attributes":{"border":{"type":"bool","description_kind":"plain","optional":true},"color":{"type":"string","description_kind":"plain","optional":true,"computed":true},"control_connection":{"type":"bool","description_kind":"plain","optional":true,"computed":true},"exclude_controller_group_list":{"type":["list","number"],"description_kind":"plain","optional":true,"computed":true},"groups":{"type":["list","number"],"description_kind":"plain","optional":true,"computed":true},"low_bandwidth_link":{"type":"bool","description_kind":"plain","optional":true},"maximum_control_connections":{"type":"string","description_kind":"plain","optional":true,"computed":true},"per_tunnel_qos":{"type":"bool","description_kind":"plain","optional":true},"per_tunnel_qos_aggregator":{"type":"bool","description_kind":"plain","optional":true},"port_hop":{"type":"bool","description_kind":"plain","optional":true},"restrict":{"type":"bool","description_kind":"plain","optional":true},"tunnels_bandwidth_percent":{"type":"number","description_kind":"plain","optional":true},"vbond_as_stun_server":{"type":"bool","description_kind":"plain","optional":true},"vmanage_connection_preference":{"type":"number","description_kind":"plain","optional":true}},"block_types":{"allow_service":{"nesting_mode":"set","block":{"attributes":{"all":{"type":"bool","description_kind":"plain","optional":true},"bgp":{"type":"bool","description_kind":"plain","optional":true},"dhcp":{"type":"bool","description_kind":"plain","optional":true},"dns":{"type":"bool","description_kind":"plain","optional":true},"https":{"type":"bool","description_kind":"plain","optional":true},"icmp":{"type":"bool","description_kind":"plain","optional":true},"netconf":{"type":"bool","description_kind":"plain","optional":true},"ntp":{"type":"bool","description_kind":"plain","optional":true},"ospf":{"type":"bool","description_kind":"plain","optional":true},"snmp":{"type":"bool","description_kind":"plain","optional":true},"ssh":{"type":"bool","description_kind":"plain","optional":true},"stun":{"type":"bool","description_kind":"plain","optional":true}},"description_kind":"plain"},"max_items":1},"encapsulation":{"nesting_mode":"set","block":{"attributes":{"bind_loopback_tunnel":{"type":"string","description_kind":"plain","optional":true,"computed":true},"carrier":{"type":"string","description_kind":"plain","optional":true},"gre":{"type":"bool","description_kind":"plain","optional":true},"gre_preference":{"type":"string","description_kind":"plain","optional":true,"computed":true},"gre_tunnel_destination_ip":{"type":"string","description_kind":"plain","optional":true,"computed":true},"gre_weight":{"type":"number","description_kind":"plain","optional":true},"hello_interval":{"type":"number","description_kind":"plain","optional":true},"hello_tolerance":{"type":"number","description_kind":"plain","optional":true},"hold_time":{"type":"number","description_kind":"plain","optional":true},"ipsec":{"type":"bool","description_kind":"plain","optional":true},"ipsec_preference":{"type":"string","description_kind":"plain","optional":true,"computed":true},"ipsec_weight":{"type":"number","description_kind":"plain","optional":true},"last_resort_circuit":{"type":"bool","description_kind":"plain","optional":true},"nat_refresh_interval":{"type":"number","description_kind":"plain","optional":true}},"description_kind":"plain"},"max_items":1}},"description_kind":"plain"},"max_items":1},"vpn_interface_vrrp":{"nesting_mode":"set","block":{"block_types":{"ipv4":{"nesting_mode":"set","block":{"attributes":{"group_id":{"type":"number","description_kind":"plain","required":true},"ip_address":{"type":"string","description_kind":"plain","optional":true,"computed":true},"priority":{"type":"number","description_kind":"plain","optional":true},"timer":{"type":"number","description_kind":"plain","optional":true,"computed":true},"track_omp":{"type":"bool","description_kind":"plain","optional":true},"track_prefix_list":{"type":"string","description_kind":"plain","optional":true,"computed":true}},"description_kind":"plain"},"max_items":5},"ipv6":{"nesting_mode":"set","block":{"attributes":{"global_ipv6_prefix":{"type":"string","description_kind":"plain","optional":true,"computed":true},"group_id":{"type":"number","description_kind":"plain","required":true},"link_local_ipv6_address":{"type":"string","description_kind":"plain","required":true},"priority":{"type":"number","description_kind":"plain","optional":true},"timer":{"type":"number","description_kind":"plain","optional":true,"computed":true},"track_omp":{"type":"bool","description_kind":"plain","optional":true},"track_prefix_list":{"type":"string","description_kind":"plain","optional":true,"computed":true}},"description_kind":"plain"},"max_items":1}},"description_kind":"plain"},"max_items":1}},"description_kind":"plain"},"min_items":1,"max_items":1}},"description_kind":"plain"}}},"data_source_schemas":{"sdwan_device_template":{"version":1,"block":{"attributes":{"config_type":{"type":"string","description":"Configuration type for  Device Template","description_kind":"plain","computed":true},"connection_preference":{"type":"bool","description":"connection_preference for Device Template","description_kind":"plain","computed":true},"connection_preference_required":{"type":"bool","description":"connection_preference_required for Device Template","description_kind":"plain","computed":true},"created_by":{"type":"string","description":"User who created Device Template","description_kind":"plain","computed":true},"created_on":{"type":"number","description":"Time when  Device Template is created","description_kind":"plain","computed":true},"device_role":{"type":"string","description":"Device role for the Device Template","description_kind":"plain","computed":true},"device_type":{"type":"string","description":"Type of device supported by  Device Template","description_kind":"plain","computed":true},"factory_default":{"type":"bool","description":"Boolean flag indicating whether Device Template is factory default or not","description_kind":"plain","computed":true},"feature":{"type":"string","description":"Feature for Device Template","description_kind":"plain","computed":true},"feature_template_uid_range":{"type":["list","string"],"description":"feature_template_uid_range for  Device Template","description_kind":"plain","computed":true},"general_templates":{"type":["list",["object",{"sub_templates":["list",["object",{"template_id":"string","template_type":"string"}]],"template_id":"string","template_type":"string"}]],"description":"List of Feature Templates and thier Sub Templates thourgh which Device Template is created","description_kind":"plain","computed":true},"id":{"type":"string","description_kind":"plain","optional":true,"computed":true},"last_updated_by":{"type":"string","description":"User who updated  Device Template last","description_kind":"plain","computed":true},"last_updated_on":{"type":"number","description":"Time when Device Template last updated","description_kind":"plain","computed":true},"policy_id":{"type":"string","description":"policyId for  Device Template","description_kind":"plain","computed":true},"rid":{"type":"number","description":"Request ID for Device Template","description_kind":"plain","computed":true},"template_attached":{"type":"number","description":"Number of templates attached to Device Template","description_kind":"plain","computed":true},"template_class":{"type":"string","description":"Template Class type for  Device Template","description_kind":"plain","computed":true},"template_configuration":{"type":"string","description":"Template Configuration for  Device Template","description_kind":"plain","computed":true},"template_description":{"type":"string","description":"Long Description of Device Template","description_kind":"plain","computed":true},"template_id":{"type":"string","description":"Device Template id for  Device Template","description_kind":"plain","computed":true},"template_name":{"type":"string","description":"Unique Device Template Name","description_kind":"plain","required":true}},"description":"Represents Cisco SD-WAN Device Template","description_kind":"plain"}},"sdwan_device_uuids":{"version":0,"block":{"attributes":{"device":{"type":["list",["object",{"device_model":"string","uuid":"string"}]],"description_kind":"plain","computed":true},"id":{"type":"string","description_kind":"plain","optional":true,"computed":true}},"description":"Returns a list of SDWAN Devices present on vManage","description_kind":"plain"}},"sdwan_devices_attachment":{"version":0,"block":{"attributes":{"device_template_id":{"type":"string","description_kind":"plain","required":true},"devices_list":{"type":["set",["object",{"chassis_number":"string"}]],"description_kind":"plain","computed":true},"id":{"type":"string","description_kind":"plain","optional":true,"computed":true}},"description_kind":"plain"}},"sdwan_feature_template_ids":{"version":0,"block":{"attributes":{"id":{"type":"string","description_kind":"plain","optional":true,"computed":true},"template":{"type":["list",["object",{"template_id":"string","template_name":"string"}]],"description_kind":"plain","computed":true},"template_type":{"type":"string","description_kind":"plain","required":true}},"description_kind":"plain"}},"sdwan_ntp_feature_template":{"version":0,"block":{"attributes":{"attached_masters_count":{"type":"number","description_kind":"plain","computed":true},"config_type":{"type":"string","description_kind":"plain","computed":true},"created_by":{"type":"string","description_kind":"plain","computed":true},"created_on":{"type":"number","description_kind":"plain","computed":true},"device_type":{"type":["list","string"],"description_kind":"plain","computed":true},"devices_attached":{"type":"number","description_kind":"plain","computed":true},"factory_default":{"type":"bool","description_kind":"plain","computed":true},"feature":{"type":"string","description_kind":"plain","computed":true},"g_template_class":{"type":"string","description_kind":"plain","computed":true},"id":{"type":"string","description_kind":"plain","optional":true,"computed":true},"last_updated_by":{"type":"string","description_kind":"plain","computed":true},"last_updated_on":{"type":"number","description_kind":"plain","computed":true},"rid":{"type":"number","description_kind":"plain","computed":true},"template_definition":{"type":["set",["object",{"authentication":["set",["object",{"id":"number","value":"string"}]],"master":["set",["object",{"enable":"bool","source":"string","stratum":"number"}]],"server":["set",["object",{"hostname":"string","key":"number","prefer":"bool","source_interface":"string","version":"number","vpn":"number"}]],"trusted":["list","string"]}]],"description_kind":"plain","computed":true},"template_description":{"type":"string","description_kind":"plain","computed":true},"template_id":{"type":"string","description_kind":"plain","computed":true},"template_min_version":{"type":"string","description_kind":"plain","computed":true},"template_name":{"type":"string","description_kind":"plain","required":true},"template_type":{"type":"string","description_kind":"plain","computed":true}},"description_kind":"plain"}},"sdwan_system_feature_template":{"version":0,"block":{"attributes":{"attached_masters_count":{"type":"number","description_kind":"plain","computed":true},"config_type":{"type":"string","description_kind":"plain","computed":true},"created_by":{"type":"string","description_kind":"plain","computed":true},"created_on":{"type":"number","description_kind":"plain","computed":true},"device_type":{"type":["list","string"],"description_kind":"plain","computed":true},"devices_attached":{"type":"number","description_kind":"plain","computed":true},"factory_default":{"type":"bool","description_kind":"plain","computed":true},"feature":{"type":"string","description_kind":"plain","computed":true},"g_template_class":{"type":"string","description_kind":"plain","computed":true},"id":{"type":"string","description_kind":"plain","optional":true,"computed":true},"last_updated_by":{"type":"string","description_kind":"plain","computed":true},"last_updated_on":{"type":"number","description_kind":"plain","computed":true},"rid":{"type":"number","description_kind":"plain","computed":true},"template_definition":{"type":["set",["object",{"system_advanced":["set",["object",{"admin_tech_on_failure":"bool","allow_same_site_tunnels":"bool","control_session_pps":"number","dns_cache_timeout":"number","eco_friendly_mode":"bool","host_policer_pps":"number","icmp_error_pps":"number","idle_timeout":"number","multicast_buffer_percent":"number","on_demand_enable":"bool","on_demand_idle_timeout":"number","port_hop":"bool","port_offset":"number","route_consistency_check":"bool","system_tunnel_mtu":"number","track_default_gateway":"bool","track_interface_tag":"number","track_transport":"bool","usb_controller":"bool","vbond_local":"bool"}]],"system_basic":["set",["object",{"console_baud_rate":"string","controller_groups":["list","string"],"description":"string","device_groups":["list","string"],"location":"string","max_omp_sessions":"number","overlay_id":"number","tcp_optimization_enabled":"bool","timezone":"string"}]],"system_gps":["set",["object",{"latitude":"number","longitude":"number"}]],"system_trackers":["set",["object",{"tracker_endpoint_type":"string","tracker_endpoint_value":"string","tracker_interval":"number","tracker_multiplier":"number","tracker_name":"string","tracker_threshold":"number","tracker_type":"string"}]]}]],"description_kind":"plain","computed":true},"template_description":{"type":"string","description_kind":"plain","computed":true},"template_id":{"type":"string","description_kind":"plain","computed":true},"template_min_version":{"type":"string","description_kind":"plain","computed":true},"template_name":{"type":"string","description_kind":"plain","required":true},"template_type":{"type":"string","description_kind":"plain","computed":true}},"description_kind":"plain"}},"sdwan_vpn_feature_template":{"version":1,"block":{"attributes":{"attached_masters_count":{"type":"number","description_kind":"plain","computed":true},"config_type":{"type":"string","description_kind":"plain","computed":true},"created_by":{"type":"string","description_kind":"plain","computed":true},"created_on":{"type":"number","description_kind":"plain","computed":true},"device_type":{"type":["set","string"],"description_kind":"plain","computed":true},"devices_attached":{"type":"number","description_kind":"plain","computed":true},"factory_default":{"type":"bool","description_kind":"plain","computed":true},"feature":{"type":"string","description_kind":"plain","computed":true},"g_template_class":{"type":"string","description_kind":"plain","computed":true},"id":{"type":"string","description_kind":"plain","optional":true,"computed":true},"last_updated_by":{"type":"string","description_kind":"plain","computed":true},"last_updated_on":{"type":"number","description_kind":"plain","computed":true},"rid":{"type":"number","description_kind":"plain","computed":true},"template_definition":{"type":["set",["object",{"ipv4_route":["set",["object",{"gateway_type":"string","next_hop":["set",["object",{"next_hop_address":"string","next_hop_distance":"string"}]],"null0_distance":"string","prefix":"string"}]],"ipv6_route":["set",["object",{"gateway_type":"string","next_hop":["set",["object",{"next_hop_address":"string","next_hop_distance":"string"}]],"null0_distance":"string","prefix":"string"}]],"nat64":["set",["object",{"end_address":"string","overload":"bool","pool_name":"string","start_address":"string"}]],"service_route":["set",["object",{"prefix":"string","service_type":"string"}]],"te_service_enabled":"bool","vpn_basic":["set",["object",{"ecmp_hash_key":"bool","name":"string","vpn_id":"number"}]],"vpn_dns":["set",["object",{"primary_dns_ipv4":"string","primary_dns_ipv6":"string","secondary_dns_ipv4":"string","secondary_dns_ipv6":"string","vpn_host":["set",["object",{"hostname":"string","ip":["set","string"]}]]}]]}]],"description_kind":"plain","computed":true},"template_description":{"type":"string","description_kind":"plain","computed":true},"template_id":{"type":"string","description_kind":"plain","computed":true},"template_min_version":{"type":"string","description_kind":"plain","computed":true},"template_name":{"type":"string","description_kind":"plain","required":true},"template_type":{"type":"string","description_kind":"plain","computed":true}},"description_kind":"plain"}},"sdwan_vpn_interface_feature_template":{"version":0,"block":{"attributes":{"attached_masters_count":{"type":"number","description_kind":"plain","computed":true},"config_type":{"type":"string","description_kind":"plain","computed":true},"created_by":{"type":"string","description_kind":"plain","computed":true},"created_on":{"type":"number","description_kind":"plain","computed":true},"device_type":{"type":["list","string"],"description_kind":"plain","computed":true},"devices_attached":{"type":"number","description_kind":"plain","computed":true},"factory_default":{"type":"bool","description_kind":"plain","computed":true},"feature":{"type":"string","description_kind":"plain","computed":true},"g_template_class":{"type":"string","description_kind":"plain","computed":true},"id":{"type":"string","description_kind":"plain","optional":true,"computed":true},"last_updated_by":{"type":"string","description_kind":"plain","computed":true},"last_updated_on":{"type":"number","description_kind":"plain","computed":true},"rid":{"type":"number","description_kind":"plain","computed":true},"template_definition":{"type":["set",["object",{"vpn_interface_8021x":["set",["object",{"account_interim_interval":"number","advanced_options":["set",["object",{"dynamic_authentication_server":["set",["object",{"client":"string","das_port":"number","required_timestamp":"bool","secret_key":"string","time_window":"number","vpn":"number"}]],"mac_authentication_bypass":["set",["object",{"mac_authentication_bypass_entries":["list","string"],"server":"bool"}]],"request_attributes":["set",["object",{"accounting":["set",["object",{"id":"number","syntax_choice":"string","value":"string"}]],"authentication":["set",["object",{"id":"number","syntax_choice":"string","value":"string"}]]}]],"vlan":["set",["object",{"authentication_fail_vlan":"number","authentication_reject_vlan":"number","default_vlan":"number","guest_vlan":"number"}]]}]],"control_direction":"string","host_mode":"string","inactivity":"number","nas_identifier":"string","nas_ip":"string","radius_server":["list","string"],"reauthentication":"number","wake_on_lan":"bool"}]],"vpn_interface_acl_qos":["set",["object",{"adapt_period":"number","egress_policer_name":"string","ingress_policer_name":"string","ipv4_egress_access_list":"string","ipv4_ingress_access_list":"string","ipv6_egress_access_list":"string","ipv6_ingress_access_list":"string","qos_map":"string","rewrite_rule":"string","shaping_rate":"number","shaping_rate_downstream_default":"number","shaping_rate_downstream_max":"number","shaping_rate_downstream_min":"number","shaping_rate_upstream_default":"number","shaping_rate_upstream_max":"number","shaping_rate_upstream_min":"number"}]],"vpn_interface_advanced":["set",["object",{"arp_timeout":"number","autonegotiation":"bool","clear_dont_fragment":"bool","duplex":"string","flow_control":"string","gre_tunnel_source_ip":"string","icmp_redirect_disable":"bool","ip_directed_broadcast":"bool","ip_mtu":"number","load_interval":"number","mac_address":"string","pmtu_discovery":"bool","power_over_ethernet":"bool","speed":"string","static_ingess_qos":"string","tcp_mss":"string","tloc_extension":"string","tracker":["list","string"],"xconnect":"string"}]],"vpn_interface_arp":["set",["object",{"ip_address":"string","mac_address":"string"}]],"vpn_interface_basic":["set",["object",{"bandwidth_downstream":"number","bandwidth_upstream":"number","block_non_source_ip":"bool","description":"string","ipv4":["set",["object",{"dhcp_distance":"string","dhcp_helper":["list","string"],"primary_address":"string","secondary_address":["set",["object",{"address":"string"}]]}]],"ipv6":["set",["object",{"dhcp_distance":"string","dhcp_helper":["set",["object",{"address":"string","vpn":"number"}]],"dhcp_rapid_commit":"bool","primary_address":"string","secondary_address":["set",["object",{"address":"string"}]]}]],"shutdown":"bool"}]],"vpn_interface_nat":["set",["object",{"ipv4":["set",["object",{"block_icmp":"bool","log_nat_flow_creations_or_deletions":"bool","nat_inside_source_loopback_interface":"string","nat_pool_prefix_length":"number","nat_pool_range_end":"string","nat_pool_range_start":"string","nat_type":"string","overload":"bool","port_forward":["set",["object",{"port_end_range":"number","port_start_range":"number","private_ip":"string","protocol":"string","vpn":"number"}]],"refresh_mode":"string","respond_to_ping":"bool","static_nat":["set",["object",{"protocol":"string","source_ip":"string","source_port":"number","source_vpn_id":"number","static_nat_direction":"string","translate_port":"number","translated_source_ip":"string"}]],"tcp_timeout":"number","udp_timeout":"number"}]],"ipv6":["set",["object",{"nat64":"bool"}]]}]],"vpn_interface_trustsec":["set",["object",{"enable_sgt_propagation":"bool","propagate":"bool","security_group_tag":"number","trusted":"bool"}]],"vpn_interface_tunnel":["set",["object",{"allow_service":["set",["object",{"all":"bool","bgp":"bool","dhcp":"bool","dns":"bool","https":"bool","icmp":"bool","netconf":"bool","ntp":"bool","ospf":"bool","snmp":"bool","ssh":"bool","stun":"bool"}]],"border":"bool","color":"string","control_connection":"bool","encapsulation":["set",["object",{"bind_loopback_tunnel":"string","carrier":"string","gre":"bool","gre_preference":"string","gre_tunnel_destination_ip":"string","gre_weight":"number","hello_interval":"number","hello_tolerance":"number","hold_time":"number","ipsec":"bool","ipsec_preference":"string","ipsec_weight":"number","last_resort_circuit":"bool","nat_refresh_interval":"number"}]],"exclude_controller_group_list":["list","number"],"groups":["list","number"],"low_bandwidth_link":"bool","maximum_control_connections":"string","per_tunnel_qos":"bool","per_tunnel_qos_aggregator":"bool","port_hop":"bool","restrict":"bool","tunnels_bandwidth_percent":"number","vbond_as_stun_server":"bool","vmanage_connection_preference":"number"}]],"vpn_interface_vrrp":["set",["object",{"ipv4":["set",["object",{"group_id":"number","ip_address":"string","priority":"number","timer":"number","track_omp":"bool","track_prefix_list":"string"}]],"ipv6":["set",["object",{"global_ipv6_prefix":"string","group_id":"number","link_local_ipv6_address":"string","priority":"number","timer":"number","track_omp":"bool","track_prefix_list":"string"}]]}]]}]],"description_kind":"plain","computed":true},"template_description":{"type":"string","description_kind":"plain","computed":true},"template_id":{"type":"string","description_kind":"plain","computed":true},"template_min_version":{"type":"string","description_kind":"plain","computed":true},"template_name":{"type":"string","description_kind":"plain","required":true},"template_type":{"type":"string","description_kind":"plain","computed":true}},"description_kind":"plain"}}}}}}
