{"format_version":"0.2","provider_schemas":{"registry.terraform.io/ciscodevnet/aci":{"provider":{"version":0,"block":{"attributes":{"cert_name":{"type":"string","description":"Certificate name for the User in Cisco ACI.","description_kind":"plain","optional":true},"insecure":{"type":"bool","description":"Allow insecure HTTPS client","description_kind":"plain","optional":true},"password":{"type":"string","description":"Password for the APIC Account","description_kind":"plain","optional":true},"private_key":{"type":"string","description":"Private key path for signature calculation","description_kind":"plain","optional":true},"proxy_creds":{"type":"string","description":"Proxy server credentials in the form of username:password","description_kind":"plain","optional":true},"proxy_url":{"type":"string","description":"Proxy Server URL with port number","description_kind":"plain","optional":true},"url":{"type":"string","description":"URL of the Cisco ACI web interface","description_kind":"plain","required":true},"username":{"type":"string","description":"Username for the APIC Account","description_kind":"plain","required":true}},"description_kind":"plain"}},"resource_schemas":{"aci_aaa_domain":{"version":1,"block":{"attributes":{"annotation":{"type":"string","description_kind":"plain","optional":true,"computed":true},"description":{"type":"string","description_kind":"plain","optional":true,"computed":true},"id":{"type":"string","description_kind":"plain","optional":true,"computed":true},"name":{"type":"string","description_kind":"plain","required":true},"name_alias":{"type":"string","description_kind":"plain","optional":true,"computed":true}},"description_kind":"plain"}},"aci_access_generic":{"version":1,"block":{"attributes":{"annotation":{"type":"string","description_kind":"plain","optional":true,"computed":true},"attachable_access_entity_profile_dn":{"type":"string","description_kind":"plain","required":true},"description":{"type":"string","description_kind":"plain","optional":true,"computed":true},"id":{"type":"string","description_kind":"plain","optional":true,"computed":true},"name":{"type":"string","description_kind":"plain","required":true},"name_alias":{"type":"string","description_kind":"plain","optional":true,"computed":true}},"description_kind":"plain"}},"aci_access_group":{"version":1,"block":{"attributes":{"access_port_selector_dn":{"type":"string","description_kind":"plain","required":true},"annotation":{"type":"string","description_kind":"plain","optional":true,"computed":true},"fex_id":{"type":"string","description_kind":"plain","optional":true,"computed":true},"id":{"type":"string","description_kind":"plain","optional":true,"computed":true},"tdn":{"type":"string","description_kind":"plain","optional":true,"computed":true}},"description_kind":"plain"}},"aci_access_port_block":{"version":1,"block":{"attributes":{"access_port_selector_dn":{"type":"string","description_kind":"plain","required":true},"annotation":{"type":"string","description_kind":"plain","optional":true,"computed":true},"description":{"type":"string","description_kind":"plain","optional":true,"computed":true},"from_card":{"type":"string","description_kind":"plain","optional":true,"computed":true},"from_port":{"type":"string","description_kind":"plain","optional":true,"computed":true},"id":{"type":"string","description_kind":"plain","optional":true,"computed":true},"name":{"type":"string","description_kind":"plain","optional":true,"computed":true},"name_alias":{"type":"string","description_kind":"plain","optional":true,"computed":true},"relation_infra_rs_acc_bndl_subgrp":{"type":"string","description_kind":"plain","optional":true},"to_card":{"type":"string","description_kind":"plain","optional":true,"computed":true},"to_port":{"type":"string","description_kind":"plain","optional":true,"computed":true}},"description_kind":"plain"}},"aci_access_port_selector":{"version":1,"block":{"attributes":{"access_port_selector_type":{"type":"string","description_kind":"plain","required":true},"annotation":{"type":"string","description_kind":"plain","optional":true,"computed":true},"description":{"type":"string","description_kind":"plain","optional":true,"computed":true},"id":{"type":"string","description_kind":"plain","optional":true,"computed":true},"leaf_interface_profile_dn":{"type":"string","description_kind":"plain","required":true},"name":{"type":"string","description_kind":"plain","required":true},"name_alias":{"type":"string","description_kind":"plain","optional":true,"computed":true},"relation_infra_rs_acc_base_grp":{"type":"string","description_kind":"plain","optional":true}},"description_kind":"plain"}},"aci_access_sub_port_block":{"version":1,"block":{"attributes":{"access_port_selector_dn":{"type":"string","description_kind":"plain","required":true},"annotation":{"type":"string","description_kind":"plain","optional":true,"computed":true},"description":{"type":"string","description_kind":"plain","optional":true,"computed":true},"from_card":{"type":"string","description_kind":"plain","optional":true,"computed":true},"from_port":{"type":"string","description_kind":"plain","optional":true,"computed":true},"from_sub_port":{"type":"string","description_kind":"plain","optional":true,"computed":true},"id":{"type":"string","description_kind":"plain","optional":true,"computed":true},"name":{"type":"string","description_kind":"plain","required":true},"name_alias":{"type":"string","description_kind":"plain","optional":true,"computed":true},"to_card":{"type":"string","description_kind":"plain","optional":true,"computed":true},"to_port":{"type":"string","description_kind":"plain","optional":true,"computed":true},"to_sub_port":{"type":"string","description_kind":"plain","optional":true,"computed":true}},"description_kind":"plain"}},"aci_action_rule_profile":{"version":1,"block":{"attributes":{"annotation":{"type":"string","description_kind":"plain","optional":true,"computed":true},"description":{"type":"string","description_kind":"plain","optional":true,"computed":true},"id":{"type":"string","description_kind":"plain","optional":true,"computed":true},"name":{"type":"string","description_kind":"plain","required":true},"name_alias":{"type":"string","description_kind":"plain","optional":true,"computed":true},"tenant_dn":{"type":"string","description_kind":"plain","required":true}},"description_kind":"plain"}},"aci_any":{"version":1,"block":{"attributes":{"annotation":{"type":"string","description_kind":"plain","optional":true,"computed":true},"description":{"type":"string","description_kind":"plain","optional":true,"computed":true},"id":{"type":"string","description_kind":"plain","optional":true,"computed":true},"match_t":{"type":"string","description_kind":"plain","optional":true,"computed":true},"name_alias":{"type":"string","description_kind":"plain","optional":true,"computed":true},"pref_gr_memb":{"type":"string","description_kind":"plain","optional":true,"computed":true},"relation_vz_rs_any_to_cons":{"type":["set","string"],"description_kind":"plain","optional":true},"relation_vz_rs_any_to_cons_if":{"type":["set","string"],"description_kind":"plain","optional":true},"relation_vz_rs_any_to_prov":{"type":["set","string"],"description_kind":"plain","optional":true},"vrf_dn":{"type":"string","description_kind":"plain","required":true}},"description_kind":"plain"}},"aci_application_epg":{"version":1,"block":{"attributes":{"annotation":{"type":"string","description_kind":"plain","optional":true,"computed":true},"application_profile_dn":{"type":"string","description_kind":"plain","required":true},"description":{"type":"string","description_kind":"plain","optional":true,"computed":true},"exception_tag":{"type":"string","description_kind":"plain","optional":true,"computed":true},"flood_on_encap":{"type":"string","description_kind":"plain","optional":true,"computed":true},"fwd_ctrl":{"type":"string","description_kind":"plain","optional":true,"computed":true},"has_mcast_source":{"type":"string","description_kind":"plain","optional":true,"computed":true},"id":{"type":"string","description_kind":"plain","optional":true,"computed":true},"is_attr_based_epg":{"type":"string","description_kind":"plain","optional":true,"computed":true},"match_t":{"type":"string","description_kind":"plain","optional":true,"computed":true},"name":{"type":"string","description_kind":"plain","required":true},"name_alias":{"type":"string","description_kind":"plain","optional":true,"computed":true},"pc_enf_pref":{"type":"string","description_kind":"plain","optional":true,"computed":true},"pref_gr_memb":{"type":"string","description_kind":"plain","optional":true,"computed":true},"prio":{"type":"string","description_kind":"plain","optional":true,"computed":true},"relation_fv_rs_aepg_mon_pol":{"type":"string","description_kind":"plain","optional":true},"relation_fv_rs_bd":{"type":"string","description_kind":"plain","optional":true},"relation_fv_rs_cons":{"type":["set","string"],"description_kind":"plain","optional":true},"relation_fv_rs_cons_if":{"type":["set","string"],"description_kind":"plain","optional":true},"relation_fv_rs_cust_qos_pol":{"type":"string","description_kind":"plain","optional":true},"relation_fv_rs_dpp_pol":{"type":"string","description_kind":"plain","optional":true},"relation_fv_rs_fc_path_att":{"type":["set","string"],"description_kind":"plain","optional":true},"relation_fv_rs_graph_def":{"type":["set","string"],"description_kind":"plain","optional":true},"relation_fv_rs_intra_epg":{"type":["set","string"],"description_kind":"plain","optional":true},"relation_fv_rs_node_att":{"type":["set","string"],"description_kind":"plain","optional":true},"relation_fv_rs_path_att":{"type":["set","string"],"description_kind":"plain","optional":true},"relation_fv_rs_prot_by":{"type":["set","string"],"description_kind":"plain","optional":true},"relation_fv_rs_prov":{"type":["set","string"],"description_kind":"plain","optional":true},"relation_fv_rs_prov_def":{"type":["set","string"],"description_kind":"plain","optional":true},"relation_fv_rs_sec_inherited":{"type":["set","string"],"description_kind":"plain","optional":true},"relation_fv_rs_trust_ctrl":{"type":"string","description_kind":"plain","optional":true},"shutdown":{"type":"string","description_kind":"plain","optional":true,"computed":true}},"description_kind":"plain"}},"aci_application_profile":{"version":1,"block":{"attributes":{"annotation":{"type":"string","description_kind":"plain","optional":true,"computed":true},"description":{"type":"string","description_kind":"plain","optional":true,"computed":true},"id":{"type":"string","description_kind":"plain","optional":true,"computed":true},"name":{"type":"string","description_kind":"plain","required":true},"name_alias":{"type":"string","description_kind":"plain","optional":true,"computed":true},"prio":{"type":"string","description_kind":"plain","optional":true,"computed":true},"relation_fv_rs_ap_mon_pol":{"type":"string","description_kind":"plain","optional":true},"tenant_dn":{"type":"string","description_kind":"plain","required":true}},"description_kind":"plain"}},"aci_attachable_access_entity_profile":{"version":1,"block":{"attributes":{"annotation":{"type":"string","description_kind":"plain","optional":true,"computed":true},"description":{"type":"string","description_kind":"plain","optional":true,"computed":true},"id":{"type":"string","description_kind":"plain","optional":true,"computed":true},"name":{"type":"string","description_kind":"plain","required":true},"name_alias":{"type":"string","description_kind":"plain","optional":true,"computed":true},"relation_infra_rs_dom_p":{"type":["set","string"],"description_kind":"plain","optional":true}},"description_kind":"plain"}},"aci_bd_dhcp_label":{"version":1,"block":{"attributes":{"annotation":{"type":"string","description_kind":"plain","optional":true,"computed":true},"bridge_domain_dn":{"type":"string","description_kind":"plain","required":true},"description":{"type":"string","description_kind":"plain","optional":true,"computed":true},"id":{"type":"string","description_kind":"plain","optional":true,"computed":true},"name":{"type":"string","description_kind":"plain","required":true},"name_alias":{"type":"string","description_kind":"plain","optional":true,"computed":true},"owner":{"type":"string","description_kind":"plain","optional":true,"computed":true},"relation_dhcp_rs_dhcp_option_pol":{"type":"string","description_kind":"plain","optional":true},"tag":{"type":"string","description_kind":"plain","optional":true,"computed":true}},"description_kind":"plain"}},"aci_bgp_address_family_context":{"version":1,"block":{"attributes":{"annotation":{"type":"string","description_kind":"plain","optional":true,"computed":true},"ctrl":{"type":"string","description_kind":"plain","optional":true,"computed":true},"description":{"type":"string","description_kind":"plain","optional":true,"computed":true},"e_dist":{"type":"string","description_kind":"plain","optional":true,"computed":true},"i_dist":{"type":"string","description_kind":"plain","optional":true,"computed":true},"id":{"type":"string","description_kind":"plain","optional":true,"computed":true},"local_dist":{"type":"string","description_kind":"plain","optional":true,"computed":true},"max_ecmp":{"type":"string","description_kind":"plain","optional":true,"computed":true},"max_ecmp_ibgp":{"type":"string","description_kind":"plain","optional":true,"computed":true},"name":{"type":"string","description_kind":"plain","required":true},"name_alias":{"type":"string","description_kind":"plain","optional":true,"computed":true},"tenant_dn":{"type":"string","description_kind":"plain","required":true}},"description_kind":"plain"}},"aci_bgp_best_path_policy":{"version":1,"block":{"attributes":{"annotation":{"type":"string","description_kind":"plain","optional":true,"computed":true},"ctrl":{"type":"string","description_kind":"plain","optional":true,"computed":true},"description":{"type":"string","description_kind":"plain","optional":true,"computed":true},"id":{"type":"string","description_kind":"plain","optional":true,"computed":true},"name":{"type":"string","description_kind":"plain","required":true},"name_alias":{"type":"string","description_kind":"plain","optional":true,"computed":true},"tenant_dn":{"type":"string","description_kind":"plain","required":true}},"description_kind":"plain"}},"aci_bgp_peer_connectivity_profile":{"version":1,"block":{"attributes":{"addr":{"type":"string","description_kind":"plain","required":true},"addr_t_ctrl":{"type":"string","description_kind":"plain","optional":true,"computed":true},"admin_state":{"type":"string","description_kind":"plain","optional":true,"computed":true},"allowed_self_as_cnt":{"type":"string","description_kind":"plain","optional":true,"computed":true},"annotation":{"type":"string","description_kind":"plain","optional":true,"computed":true},"as_number":{"type":"string","description_kind":"plain","optional":true,"computed":true},"ctrl":{"type":"string","description_kind":"plain","optional":true,"computed":true},"description":{"type":"string","description_kind":"plain","optional":true,"computed":true},"id":{"type":"string","description_kind":"plain","optional":true,"computed":true},"local_asn":{"type":"string","description_kind":"plain","optional":true,"computed":true},"local_asn_propagate":{"type":"string","description_kind":"plain","optional":true,"computed":true},"logical_node_profile_dn":{"type":"string","description_kind":"plain","deprecated":true,"optional":true},"name_alias":{"type":"string","description_kind":"plain","optional":true,"computed":true},"parent_dn":{"type":"string","description_kind":"plain","optional":true},"password":{"type":"string","description_kind":"plain","optional":true,"computed":true,"sensitive":true},"peer_ctrl":{"type":"string","description_kind":"plain","optional":true,"computed":true},"private_a_sctrl":{"type":"string","description_kind":"plain","optional":true,"computed":true},"relation_bgp_rs_peer_pfx_pol":{"type":"string","description_kind":"plain","optional":true},"ttl":{"type":"string","description_kind":"plain","optional":true,"computed":true},"weight":{"type":"string","description_kind":"plain","optional":true,"computed":true}},"block_types":{"relation_bgp_rs_peer_to_profile":{"nesting_mode":"set","block":{"attributes":{"direction":{"type":"string","description_kind":"plain","required":true},"target_dn":{"type":"string","description_kind":"plain","required":true}},"description":"Create relation to rtctrlProfile","description_kind":"plain"}}},"description_kind":"plain"}},"aci_bgp_peer_prefix":{"version":1,"block":{"attributes":{"action":{"type":"string","description_kind":"plain","optional":true,"computed":true},"annotation":{"type":"string","description_kind":"plain","optional":true,"computed":true},"description":{"type":"string","description_kind":"plain","optional":true,"computed":true},"id":{"type":"string","description_kind":"plain","optional":true,"computed":true},"max_pfx":{"type":"string","description_kind":"plain","optional":true,"computed":true},"name":{"type":"string","description_kind":"plain","required":true},"name_alias":{"type":"string","description_kind":"plain","optional":true,"computed":true},"restart_time":{"type":"string","description_kind":"plain","optional":true,"computed":true},"tenant_dn":{"type":"string","description_kind":"plain","required":true},"thresh":{"type":"string","description_kind":"plain","optional":true,"computed":true}},"description_kind":"plain"}},"aci_bgp_route_control_profile":{"version":1,"block":{"attributes":{"annotation":{"type":"string","description_kind":"plain","optional":true,"computed":true},"description":{"type":"string","description_kind":"plain","optional":true,"computed":true},"id":{"type":"string","description_kind":"plain","optional":true,"computed":true},"name":{"type":"string","description_kind":"plain","required":true},"name_alias":{"type":"string","description_kind":"plain","optional":true,"computed":true},"parent_dn":{"type":"string","description_kind":"plain","required":true},"route_control_profile_type":{"type":"string","description_kind":"plain","optional":true,"computed":true}},"description_kind":"plain"}},"aci_bgp_route_summarization":{"version":1,"block":{"attributes":{"annotation":{"type":"string","description_kind":"plain","optional":true,"computed":true},"attrmap":{"type":"string","description_kind":"plain","optional":true,"computed":true},"ctrl":{"type":"string","description_kind":"plain","optional":true,"computed":true},"description":{"type":"string","description_kind":"plain","optional":true,"computed":true},"id":{"type":"string","description_kind":"plain","optional":true,"computed":true},"name":{"type":"string","description_kind":"plain","required":true},"name_alias":{"type":"string","description_kind":"plain","optional":true,"computed":true},"tenant_dn":{"type":"string","description_kind":"plain","required":true}},"description_kind":"plain"}},"aci_bgp_timers":{"version":1,"block":{"attributes":{"annotation":{"type":"string","description_kind":"plain","optional":true,"computed":true},"description":{"type":"string","description_kind":"plain","optional":true,"computed":true},"gr_ctrl":{"type":"string","description_kind":"plain","optional":true,"computed":true},"hold_intvl":{"type":"string","description_kind":"plain","optional":true,"computed":true},"id":{"type":"string","description_kind":"plain","optional":true,"computed":true},"ka_intvl":{"type":"string","description_kind":"plain","optional":true,"computed":true},"max_as_limit":{"type":"string","description_kind":"plain","optional":true,"computed":true},"name":{"type":"string","description_kind":"plain","required":true},"name_alias":{"type":"string","description_kind":"plain","optional":true,"computed":true},"stale_intvl":{"type":"string","description_kind":"plain","optional":true,"computed":true},"tenant_dn":{"type":"string","description_kind":"plain","required":true}},"description_kind":"plain"}},"aci_bridge_domain":{"version":1,"block":{"attributes":{"annotation":{"type":"string","description_kind":"plain","optional":true,"computed":true},"arp_flood":{"type":"string","description_kind":"plain","optional":true,"computed":true},"bridge_domain_type":{"type":"string","description_kind":"plain","optional":true,"computed":true},"description":{"type":"string","description_kind":"plain","optional":true,"computed":true},"ep_clear":{"type":"string","description_kind":"plain","optional":true,"computed":true},"ep_move_detect_mode":{"type":"string","description_kind":"plain","optional":true,"computed":true},"host_based_routing":{"type":"string","description_kind":"plain","optional":true,"computed":true},"id":{"type":"string","description_kind":"plain","optional":true,"computed":true},"intersite_bum_traffic_allow":{"type":"string","description_kind":"plain","optional":true,"computed":true},"intersite_l2_stretch":{"type":"string","description_kind":"plain","optional":true,"computed":true},"ip_learning":{"type":"string","description_kind":"plain","optional":true,"computed":true},"ipv6_mcast_allow":{"type":"string","description_kind":"plain","optional":true,"computed":true},"limit_ip_learn_to_subnets":{"type":"string","description_kind":"plain","optional":true,"computed":true},"ll_addr":{"type":"string","description_kind":"plain","optional":true,"computed":true},"mac":{"type":"string","description_kind":"plain","optional":true,"computed":true},"mcast_allow":{"type":"string","description_kind":"plain","optional":true,"computed":true},"multi_dst_pkt_act":{"type":"string","description_kind":"plain","optional":true,"computed":true},"name":{"type":"string","description_kind":"plain","required":true},"name_alias":{"type":"string","description_kind":"plain","optional":true,"computed":true},"optimize_wan_bandwidth":{"type":"string","description_kind":"plain","optional":true,"computed":true},"relation_fv_rs_abd_pol_mon_pol":{"type":"string","description_kind":"plain","optional":true},"relation_fv_rs_bd_flood_to":{"type":["set","string"],"description_kind":"plain","optional":true},"relation_fv_rs_bd_to_ep_ret":{"type":"string","description_kind":"plain","optional":true},"relation_fv_rs_bd_to_fhs":{"type":"string","description_kind":"plain","optional":true},"relation_fv_rs_bd_to_nd_p":{"type":"string","description_kind":"plain","optional":true},"relation_fv_rs_bd_to_out":{"type":["set","string"],"description_kind":"plain","optional":true},"relation_fv_rs_bd_to_profile":{"type":"string","description_kind":"plain","optional":true},"relation_fv_rs_bd_to_relay_p":{"type":"string","description_kind":"plain","optional":true},"relation_fv_rs_ctx":{"type":"string","description_kind":"plain","optional":true},"relation_fv_rs_igmpsn":{"type":"string","description_kind":"plain","optional":true},"relation_fv_rs_mldsn":{"type":"string","description_kind":"plain","optional":true},"tenant_dn":{"type":"string","description_kind":"plain","required":true},"unicast_route":{"type":"string","description_kind":"plain","optional":true,"computed":true},"unk_mac_ucast_act":{"type":"string","description_kind":"plain","optional":true,"computed":true},"unk_mcast_act":{"type":"string","description_kind":"plain","optional":true,"computed":true},"v6unk_mcast_act":{"type":"string","description_kind":"plain","optional":true,"computed":true},"vmac":{"type":"string","description_kind":"plain","optional":true,"computed":true}},"block_types":{"relation_fv_rs_bd_to_netflow_monitor_pol":{"nesting_mode":"set","block":{"attributes":{"flt_type":{"type":"string","description_kind":"plain","required":true},"tn_netflow_monitor_pol_name":{"type":"string","description_kind":"plain","required":true}},"description_kind":"plain"}}},"description_kind":"plain"}},"aci_cdp_interface_policy":{"version":1,"block":{"attributes":{"admin_st":{"type":"string","description_kind":"plain","optional":true,"computed":true},"annotation":{"type":"string","description_kind":"plain","optional":true,"computed":true},"description":{"type":"string","description_kind":"plain","optional":true,"computed":true},"id":{"type":"string","description_kind":"plain","optional":true,"computed":true},"name":{"type":"string","description_kind":"plain","required":true},"name_alias":{"type":"string","description_kind":"plain","optional":true,"computed":true}},"description_kind":"plain"}},"aci_cloud_applicationcontainer":{"version":1,"block":{"attributes":{"annotation":{"type":"string","description_kind":"plain","optional":true,"computed":true},"description":{"type":"string","description_kind":"plain","optional":true,"computed":true},"id":{"type":"string","description_kind":"plain","optional":true,"computed":true},"name":{"type":"string","description_kind":"plain","required":true},"name_alias":{"type":"string","description_kind":"plain","optional":true,"computed":true},"tenant_dn":{"type":"string","description_kind":"plain","required":true}},"description_kind":"plain"}},"aci_cloud_aws_provider":{"version":1,"block":{"attributes":{"access_key_id":{"type":"string","description_kind":"plain","optional":true,"computed":true},"account_id":{"type":"string","description_kind":"plain","optional":true,"computed":true},"annotation":{"type":"string","description_kind":"plain","optional":true,"computed":true},"description":{"type":"string","description_kind":"plain","optional":true,"computed":true},"email":{"type":"string","description_kind":"plain","optional":true,"computed":true},"http_proxy":{"type":"string","description_kind":"plain","optional":true,"computed":true},"id":{"type":"string","description_kind":"plain","optional":true,"computed":true},"is_account_in_org":{"type":"string","description_kind":"plain","optional":true,"computed":true},"is_trusted":{"type":"string","description_kind":"plain","optional":true,"computed":true},"name_alias":{"type":"string","description_kind":"plain","optional":true,"computed":true},"provider_id":{"type":"string","description_kind":"plain","optional":true,"computed":true},"region":{"type":"string","description_kind":"plain","optional":true,"computed":true},"secret_access_key":{"type":"string","description_kind":"plain","optional":true,"computed":true},"tenant_dn":{"type":"string","description_kind":"plain","required":true}},"description_kind":"plain"}},"aci_cloud_cidr_pool":{"version":1,"block":{"attributes":{"addr":{"type":"string","description_kind":"plain","required":true},"annotation":{"type":"string","description_kind":"plain","optional":true,"computed":true},"cloud_context_profile_dn":{"type":"string","description_kind":"plain","required":true},"description":{"type":"string","description_kind":"plain","optional":true,"computed":true},"id":{"type":"string","description_kind":"plain","optional":true,"computed":true},"name_alias":{"type":"string","description_kind":"plain","optional":true,"computed":true},"primary":{"type":"string","description_kind":"plain","optional":true,"computed":true}},"description_kind":"plain"}},"aci_cloud_context_profile":{"version":1,"block":{"attributes":{"annotation":{"type":"string","description_kind":"plain","optional":true,"computed":true},"cloud_vendor":{"type":"string","description":"Name of the vendor","description_kind":"plain","required":true},"description":{"type":"string","description_kind":"plain","optional":true,"computed":true},"hub_network":{"type":"string","description":"hub network to enable transit gateway","description_kind":"plain","optional":true},"id":{"type":"string","description_kind":"plain","optional":true,"computed":true},"name":{"type":"string","description_kind":"plain","required":true},"name_alias":{"type":"string","description":"Mo doc not defined in techpub!!!","description_kind":"plain","optional":true,"computed":true},"primary_cidr":{"type":"string","description":"Primary CIDR block","description_kind":"plain","required":true},"region":{"type":"string","description":"region","description_kind":"plain","required":true},"relation_cloud_rs_ctx_profile_to_region":{"type":"string","description":"Create relation to cloudRegion","description_kind":"plain","optional":true},"relation_cloud_rs_ctx_to_flow_log":{"type":"string","description":"Create relation to cloudAwsFlowLogPol","description_kind":"plain","optional":true},"relation_cloud_rs_to_ctx":{"type":"string","description":"Create relation to fvCtx","description_kind":"plain","optional":true},"tenant_dn":{"type":"string","description_kind":"plain","required":true},"type":{"type":"string","description":"component type","description_kind":"plain","optional":true,"computed":true}},"description_kind":"plain"}},"aci_cloud_domain_profile":{"version":1,"block":{"attributes":{"annotation":{"type":"string","description_kind":"plain","optional":true,"computed":true},"description":{"type":"string","description_kind":"plain","optional":true,"computed":true},"id":{"type":"string","description_kind":"plain","optional":true,"computed":true},"name_alias":{"type":"string","description_kind":"plain","optional":true,"computed":true},"site_id":{"type":"string","description_kind":"plain","optional":true,"computed":true}},"description_kind":"plain"}},"aci_cloud_endpoint_selector":{"version":1,"block":{"attributes":{"annotation":{"type":"string","description_kind":"plain","optional":true,"computed":true},"cloud_epg_dn":{"type":"string","description_kind":"plain","required":true},"description":{"type":"string","description_kind":"plain","optional":true,"computed":true},"id":{"type":"string","description_kind":"plain","optional":true,"computed":true},"match_expression":{"type":"string","description_kind":"plain","optional":true,"computed":true},"name":{"type":"string","description_kind":"plain","required":true},"name_alias":{"type":"string","description_kind":"plain","optional":true,"computed":true}},"description_kind":"plain"}},"aci_cloud_endpoint_selectorfor_external_epgs":{"version":1,"block":{"attributes":{"annotation":{"type":"string","description_kind":"plain","optional":true,"computed":true},"cloud_external_epg_dn":{"type":"string","description_kind":"plain","required":true},"description":{"type":"string","description_kind":"plain","optional":true,"computed":true},"id":{"type":"string","description_kind":"plain","optional":true,"computed":true},"is_shared":{"type":"string","description_kind":"plain","optional":true,"computed":true},"match_expression":{"type":"string","description_kind":"plain","optional":true,"computed":true},"name":{"type":"string","description_kind":"plain","required":true},"name_alias":{"type":"string","description_kind":"plain","optional":true,"computed":true},"subnet":{"type":"string","description_kind":"plain","required":true}},"description_kind":"plain"}},"aci_cloud_epg":{"version":1,"block":{"attributes":{"annotation":{"type":"string","description_kind":"plain","optional":true,"computed":true},"cloud_applicationcontainer_dn":{"type":"string","description_kind":"plain","required":true},"description":{"type":"string","description_kind":"plain","optional":true,"computed":true},"exception_tag":{"type":"string","description_kind":"plain","optional":true,"computed":true},"flood_on_encap":{"type":"string","description_kind":"plain","optional":true,"computed":true},"id":{"type":"string","description_kind":"plain","optional":true,"computed":true},"match_t":{"type":"string","description_kind":"plain","optional":true,"computed":true},"name":{"type":"string","description_kind":"plain","required":true},"name_alias":{"type":"string","description_kind":"plain","optional":true,"computed":true},"pref_gr_memb":{"type":"string","description_kind":"plain","optional":true,"computed":true},"prio":{"type":"string","description_kind":"plain","optional":true,"computed":true},"relation_cloud_rs_cloud_epg_ctx":{"type":"string","description_kind":"plain","optional":true},"relation_fv_rs_cons":{"type":["set","string"],"description_kind":"plain","optional":true},"relation_fv_rs_cons_if":{"type":["set","string"],"description_kind":"plain","optional":true},"relation_fv_rs_cust_qos_pol":{"type":"string","description_kind":"plain","optional":true},"relation_fv_rs_intra_epg":{"type":["set","string"],"description_kind":"plain","optional":true},"relation_fv_rs_prot_by":{"type":["set","string"],"description_kind":"plain","optional":true},"relation_fv_rs_prov":{"type":["set","string"],"description_kind":"plain","optional":true},"relation_fv_rs_sec_inherited":{"type":["set","string"],"description_kind":"plain","optional":true}},"description_kind":"plain"}},"aci_cloud_external_epg":{"version":1,"block":{"attributes":{"annotation":{"type":"string","description_kind":"plain","optional":true,"computed":true},"cloud_applicationcontainer_dn":{"type":"string","description_kind":"plain","required":true},"description":{"type":"string","description_kind":"plain","optional":true,"computed":true},"exception_tag":{"type":"string","description_kind":"plain","optional":true,"computed":true},"flood_on_encap":{"type":"string","description_kind":"plain","optional":true,"computed":true},"id":{"type":"string","description_kind":"plain","optional":true,"computed":true},"match_t":{"type":"string","description_kind":"plain","optional":true,"computed":true},"name":{"type":"string","description_kind":"plain","required":true},"name_alias":{"type":"string","description_kind":"plain","optional":true,"computed":true},"pref_gr_memb":{"type":"string","description_kind":"plain","optional":true,"computed":true},"prio":{"type":"string","description_kind":"plain","optional":true,"computed":true},"relation_cloud_rs_cloud_epg_ctx":{"type":"string","description_kind":"plain","optional":true},"relation_fv_rs_cons":{"type":["set","string"],"description_kind":"plain","optional":true},"relation_fv_rs_cons_if":{"type":["set","string"],"description_kind":"plain","optional":true},"relation_fv_rs_cust_qos_pol":{"type":"string","description_kind":"plain","optional":true},"relation_fv_rs_intra_epg":{"type":["set","string"],"description_kind":"plain","optional":true},"relation_fv_rs_prot_by":{"type":["set","string"],"description_kind":"plain","optional":true},"relation_fv_rs_prov":{"type":["set","string"],"description_kind":"plain","optional":true},"relation_fv_rs_sec_inherited":{"type":["set","string"],"description_kind":"plain","optional":true},"route_reachability":{"type":"string","description_kind":"plain","optional":true,"computed":true}},"description_kind":"plain"}},"aci_cloud_subnet":{"version":1,"block":{"attributes":{"annotation":{"type":"string","description_kind":"plain","optional":true,"computed":true},"cloud_cidr_pool_dn":{"type":"string","description_kind":"plain","required":true},"description":{"type":"string","description_kind":"plain","optional":true,"computed":true},"id":{"type":"string","description_kind":"plain","optional":true,"computed":true},"ip":{"type":"string","description_kind":"plain","required":true},"name":{"type":"string","description_kind":"plain","optional":true,"computed":true},"name_alias":{"type":"string","description_kind":"plain","optional":true,"computed":true},"relation_cloud_rs_subnet_to_flow_log":{"type":"string","description_kind":"plain","optional":true},"scope":{"type":"string","description_kind":"plain","optional":true,"computed":true},"usage":{"type":"string","description_kind":"plain","optional":true,"computed":true},"zone":{"type":"string","description_kind":"plain","optional":true,"computed":true}},"description_kind":"plain"}},"aci_cloud_vpn_gateway":{"version":1,"block":{"attributes":{"annotation":{"type":"string","description_kind":"plain","optional":true,"computed":true},"cloud_context_profile_dn":{"type":"string","description_kind":"plain","required":true},"cloud_router_profile_type":{"type":"string","description_kind":"plain","optional":true,"computed":true},"description":{"type":"string","description_kind":"plain","optional":true,"computed":true},"id":{"type":"string","description_kind":"plain","optional":true,"computed":true},"name":{"type":"string","description_kind":"plain","required":true},"name_alias":{"type":"string","description_kind":"plain","optional":true,"computed":true},"num_instances":{"type":"string","description_kind":"plain","optional":true,"computed":true},"relation_cloud_rs_to_direct_conn_pol":{"type":"string","description_kind":"plain","optional":true},"relation_cloud_rs_to_host_router_pol":{"type":"string","description_kind":"plain","optional":true},"relation_cloud_rs_to_vpn_gw_pol":{"type":"string","description_kind":"plain","optional":true}},"description_kind":"plain"}},"aci_configuration_export_policy":{"version":1,"block":{"attributes":{"admin_st":{"type":"string","description_kind":"plain","optional":true,"computed":true},"annotation":{"type":"string","description_kind":"plain","optional":true,"computed":true},"description":{"type":"string","description_kind":"plain","optional":true,"computed":true},"format":{"type":"string","description_kind":"plain","optional":true,"computed":true},"id":{"type":"string","description_kind":"plain","optional":true,"computed":true},"include_secure_fields":{"type":"string","description_kind":"plain","optional":true,"computed":true},"max_snapshot_count":{"type":"string","description_kind":"plain","optional":true,"computed":true},"name":{"type":"string","description_kind":"plain","required":true},"name_alias":{"type":"string","description_kind":"plain","optional":true,"computed":true},"relation_config_rs_export_destination":{"type":"string","description_kind":"plain","optional":true},"relation_config_rs_export_scheduler":{"type":"string","description_kind":"plain","optional":true},"relation_config_rs_remote_path":{"type":"string","description_kind":"plain","optional":true},"relation_trig_rs_triggerable":{"type":"string","description_kind":"plain","optional":true},"snapshot":{"type":"string","description_kind":"plain","optional":true,"computed":true},"target_dn":{"type":"string","description_kind":"plain","optional":true,"computed":true}},"description_kind":"plain"}},"aci_configuration_import_policy":{"version":1,"block":{"attributes":{"admin_st":{"type":"string","description_kind":"plain","optional":true,"computed":true},"annotation":{"type":"string","description_kind":"plain","optional":true,"computed":true},"description":{"type":"string","description_kind":"plain","optional":true,"computed":true},"fail_on_decrypt_errors":{"type":"string","description_kind":"plain","optional":true,"computed":true},"file_name":{"type":"string","description_kind":"plain","optional":true,"computed":true},"id":{"type":"string","description_kind":"plain","optional":true,"computed":true},"import_mode":{"type":"string","description_kind":"plain","optional":true,"computed":true},"import_type":{"type":"string","description_kind":"plain","optional":true,"computed":true},"name":{"type":"string","description_kind":"plain","required":true},"name_alias":{"type":"string","description_kind":"plain","optional":true,"computed":true},"relation_config_rs_import_source":{"type":"string","description_kind":"plain","optional":true},"relation_config_rs_remote_path":{"type":"string","description_kind":"plain","optional":true},"relation_trig_rs_triggerable":{"type":"string","description_kind":"plain","optional":true},"snapshot":{"type":"string","description_kind":"plain","optional":true,"computed":true}},"description_kind":"plain"}},"aci_connection":{"version":1,"block":{"attributes":{"adj_type":{"type":"string","description_kind":"plain","optional":true,"computed":true},"annotation":{"type":"string","description_kind":"plain","optional":true,"computed":true},"conn_dir":{"type":"string","description_kind":"plain","optional":true,"computed":true},"conn_type":{"type":"string","description_kind":"plain","optional":true,"computed":true},"description":{"type":"string","description_kind":"plain","optional":true,"computed":true},"direct_connect":{"type":"string","description_kind":"plain","optional":true,"computed":true},"id":{"type":"string","description_kind":"plain","optional":true,"computed":true},"l4_l7_service_graph_template_dn":{"type":"string","description_kind":"plain","required":true},"name":{"type":"string","description_kind":"plain","required":true},"name_alias":{"type":"string","description_kind":"plain","optional":true,"computed":true},"relation_vns_rs_abs_connection_conns":{"type":["set","string"],"description_kind":"plain","optional":true},"relation_vns_rs_abs_copy_connection":{"type":["set","string"],"description_kind":"plain","optional":true},"unicast_route":{"type":"string","description_kind":"plain","optional":true,"computed":true}},"description_kind":"plain"}},"aci_contract":{"version":1,"block":{"attributes":{"annotation":{"type":"string","description_kind":"plain","optional":true,"computed":true},"description":{"type":"string","description_kind":"plain","optional":true,"computed":true},"filter_entry_ids":{"type":["list","string"],"description_kind":"plain","optional":true,"computed":true},"filter_ids":{"type":["list","string"],"description_kind":"plain","optional":true,"computed":true},"id":{"type":"string","description_kind":"plain","optional":true,"computed":true},"name":{"type":"string","description_kind":"plain","required":true},"name_alias":{"type":"string","description_kind":"plain","optional":true,"computed":true},"prio":{"type":"string","description_kind":"plain","optional":true,"computed":true},"relation_vz_rs_graph_att":{"type":"string","description_kind":"plain","optional":true},"scope":{"type":"string","description_kind":"plain","optional":true,"computed":true},"target_dscp":{"type":"string","description_kind":"plain","optional":true,"computed":true},"tenant_dn":{"type":"string","description_kind":"plain","required":true}},"block_types":{"filter":{"nesting_mode":"list","block":{"attributes":{"annotation":{"type":"string","description_kind":"plain","optional":true,"computed":true},"description":{"type":"string","description_kind":"plain","optional":true,"computed":true},"filter_name":{"type":"string","description_kind":"plain","required":true},"id":{"type":"string","description_kind":"plain","computed":true},"name_alias":{"type":"string","description_kind":"plain","optional":true,"computed":true}},"block_types":{"filter_entry":{"nesting_mode":"list","block":{"attributes":{"apply_to_frag":{"type":"string","description_kind":"plain","optional":true,"computed":true},"arp_opc":{"type":"string","description_kind":"plain","optional":true,"computed":true},"d_from_port":{"type":"string","description_kind":"plain","optional":true,"computed":true},"d_to_port":{"type":"string","description_kind":"plain","optional":true,"computed":true},"entry_annotation":{"type":"string","description_kind":"plain","optional":true,"computed":true},"entry_description":{"type":"string","description_kind":"plain","optional":true,"computed":true},"entry_name_alias":{"type":"string","description_kind":"plain","optional":true,"computed":true},"ether_t":{"type":"string","description_kind":"plain","optional":true,"computed":true},"filter_entry_name":{"type":"string","description_kind":"plain","required":true},"icmpv4_t":{"type":"string","description_kind":"plain","optional":true,"computed":true},"icmpv6_t":{"type":"string","description_kind":"plain","optional":true,"computed":true},"id":{"type":"string","description_kind":"plain","computed":true},"match_dscp":{"type":"string","description_kind":"plain","optional":true,"computed":true},"prot":{"type":"string","description_kind":"plain","optional":true,"computed":true},"s_from_port":{"type":"string","description_kind":"plain","optional":true,"computed":true},"s_to_port":{"type":"string","description_kind":"plain","optional":true,"computed":true},"stateful":{"type":"string","description_kind":"plain","optional":true,"computed":true},"tcp_rules":{"type":"string","description_kind":"plain","optional":true,"computed":true}},"description_kind":"plain"}}},"description_kind":"plain"}}},"description_kind":"plain"}},"aci_contract_subject":{"version":1,"block":{"attributes":{"annotation":{"type":"string","description_kind":"plain","optional":true,"computed":true},"cons_match_t":{"type":"string","description_kind":"plain","optional":true,"computed":true},"contract_dn":{"type":"string","description_kind":"plain","required":true},"description":{"type":"string","description_kind":"plain","optional":true,"computed":true},"id":{"type":"string","description_kind":"plain","optional":true,"computed":true},"name":{"type":"string","description_kind":"plain","required":true},"name_alias":{"type":"string","description_kind":"plain","optional":true,"computed":true},"prio":{"type":"string","description_kind":"plain","optional":true,"computed":true},"prov_match_t":{"type":"string","description_kind":"plain","optional":true,"computed":true},"relation_vz_rs_sdwan_pol":{"type":"string","description_kind":"plain","optional":true},"relation_vz_rs_subj_filt_att":{"type":["set","string"],"description_kind":"plain","optional":true},"relation_vz_rs_subj_graph_att":{"type":"string","description_kind":"plain","optional":true},"rev_flt_ports":{"type":"string","description_kind":"plain","optional":true,"computed":true},"target_dscp":{"type":"string","description_kind":"plain","optional":true,"computed":true}},"description_kind":"plain"}},"aci_destination_of_redirected_traffic":{"version":1,"block":{"attributes":{"annotation":{"type":"string","description_kind":"plain","optional":true,"computed":true},"description":{"type":"string","description_kind":"plain","optional":true,"computed":true},"dest_name":{"type":"string","description_kind":"plain","optional":true,"computed":true},"id":{"type":"string","description_kind":"plain","optional":true,"computed":true},"ip":{"type":"string","description_kind":"plain","required":true},"ip2":{"type":"string","description_kind":"plain","optional":true,"computed":true},"mac":{"type":"string","description_kind":"plain","required":true},"name_alias":{"type":"string","description_kind":"plain","optional":true,"computed":true},"pod_id":{"type":"string","description_kind":"plain","optional":true,"computed":true},"relation_vns_rs_redirect_health_group":{"type":"string","description_kind":"plain","optional":true},"service_redirect_policy_dn":{"type":"string","description_kind":"plain","required":true}},"description_kind":"plain"}},"aci_dhcp_option_policy":{"version":1,"block":{"attributes":{"annotation":{"type":"string","description_kind":"plain","optional":true,"computed":true},"description":{"type":"string","description_kind":"plain","optional":true,"computed":true},"dhcp_option_ids":{"type":["list","string"],"description_kind":"plain","optional":true,"computed":true},"id":{"type":"string","description_kind":"plain","optional":true,"computed":true},"name":{"type":"string","description_kind":"plain","required":true},"name_alias":{"type":"string","description_kind":"plain","optional":true,"computed":true},"tenant_dn":{"type":"string","description_kind":"plain","required":true}},"block_types":{"dhcp_option":{"nesting_mode":"list","block":{"attributes":{"annotation":{"type":"string","description_kind":"plain","optional":true},"data":{"type":"string","description_kind":"plain","optional":true,"computed":true},"dhcp_option_id":{"type":"string","description_kind":"plain","optional":true,"computed":true},"id":{"type":"string","description_kind":"plain","computed":true},"name":{"type":"string","description_kind":"plain","required":true},"name_alias":{"type":"string","description_kind":"plain","optional":true,"computed":true}},"description_kind":"plain"}}},"description_kind":"plain"}},"aci_dhcp_relay_policy":{"version":1,"block":{"attributes":{"annotation":{"type":"string","description_kind":"plain","optional":true,"computed":true},"description":{"type":"string","description_kind":"plain","optional":true,"computed":true},"id":{"type":"string","description_kind":"plain","optional":true,"computed":true},"mode":{"type":"string","description_kind":"plain","optional":true,"computed":true},"name":{"type":"string","description_kind":"plain","required":true},"name_alias":{"type":"string","description_kind":"plain","optional":true,"computed":true},"owner":{"type":"string","description_kind":"plain","optional":true,"computed":true},"tenant_dn":{"type":"string","description_kind":"plain","required":true}},"block_types":{"relation_dhcp_rs_prov":{"nesting_mode":"set","block":{"attributes":{"addr":{"type":"string","description_kind":"plain","required":true},"tdn":{"type":"string","description_kind":"plain","required":true}},"description_kind":"plain"}}},"description_kind":"plain"}},"aci_end_point_retention_policy":{"version":1,"block":{"attributes":{"annotation":{"type":"string","description_kind":"plain","optional":true,"computed":true},"bounce_age_intvl":{"type":"string","description_kind":"plain","optional":true,"computed":true},"bounce_trig":{"type":"string","description_kind":"plain","optional":true,"computed":true},"description":{"type":"string","description_kind":"plain","optional":true,"computed":true},"hold_intvl":{"type":"string","description_kind":"plain","optional":true,"computed":true},"id":{"type":"string","description_kind":"plain","optional":true,"computed":true},"local_ep_age_intvl":{"type":"string","description_kind":"plain","optional":true,"computed":true},"move_freq":{"type":"string","description_kind":"plain","optional":true,"computed":true},"name":{"type":"string","description_kind":"plain","required":true},"name_alias":{"type":"string","description_kind":"plain","optional":true,"computed":true},"remote_ep_age_intvl":{"type":"string","description_kind":"plain","optional":true,"computed":true},"tenant_dn":{"type":"string","description_kind":"plain","required":true}},"description_kind":"plain"}},"aci_endpoint_security_group":{"version":1,"block":{"attributes":{"annotation":{"type":"string","description_kind":"plain","optional":true,"computed":true},"application_profile_dn":{"type":"string","description_kind":"plain","required":true},"description":{"type":"string","description_kind":"plain","optional":true,"computed":true},"id":{"type":"string","description_kind":"plain","optional":true,"computed":true},"match_t":{"type":"string","description_kind":"plain","optional":true,"computed":true},"name":{"type":"string","description_kind":"plain","required":true},"name_alias":{"type":"string","description_kind":"plain","optional":true,"computed":true},"pc_enf_pref":{"type":"string","description_kind":"plain","optional":true,"computed":true},"pref_gr_memb":{"type":"string","description_kind":"plain","optional":true,"computed":true},"relation_fv_rs_cust_qos_pol":{"type":"string","description":"Create relation to qos:CustomPol","description_kind":"plain","optional":true},"relation_fv_rs_intra_epg":{"type":["set","string"],"description":"Create relation to vz:BrCP","description_kind":"plain","optional":true},"relation_fv_rs_prot_by":{"type":["set","string"],"description":"Create relation to vz:Taboo","description_kind":"plain","optional":true},"relation_fv_rs_scope":{"type":"string","description":"Create relation to fv:Ctx","description_kind":"plain","optional":true},"relation_fv_rs_sec_inherited":{"type":["set","string"],"description":"Create relation to fv:EPg","description_kind":"plain","optional":true}},"block_types":{"relation_fv_rs_cons":{"nesting_mode":"set","block":{"attributes":{"prio":{"type":"string","description_kind":"plain","optional":true},"target_dn":{"type":"string","description_kind":"plain","required":true}},"description":"Create relation to vzBrCP","description_kind":"plain"}},"relation_fv_rs_cons_if":{"nesting_mode":"set","block":{"attributes":{"prio":{"type":"string","description_kind":"plain","optional":true},"target_dn":{"type":"string","description_kind":"plain","required":true}},"description":"Create relation to vzCPIf","description_kind":"plain"}},"relation_fv_rs_prov":{"nesting_mode":"set","block":{"attributes":{"match_t":{"type":"string","description_kind":"plain","optional":true},"prio":{"type":"string","description_kind":"plain","optional":true},"target_dn":{"type":"string","description_kind":"plain","required":true}},"description":"Create relation to vzBrCP","description_kind":"plain"}}},"description_kind":"plain"}},"aci_endpoint_security_group_epg_selector":{"version":1,"block":{"attributes":{"annotation":{"type":"string","description_kind":"plain","optional":true,"computed":true},"description":{"type":"string","description_kind":"plain","optional":true,"computed":true},"endpoint_security_group_dn":{"type":"string","description_kind":"plain","required":true},"id":{"type":"string","description_kind":"plain","optional":true,"computed":true},"match_epg_dn":{"type":"string","description_kind":"plain","required":true},"name":{"type":"string","description_kind":"plain","optional":true,"computed":true},"name_alias":{"type":"string","description_kind":"plain","optional":true,"computed":true}},"description_kind":"plain"}},"aci_endpoint_security_group_selector":{"version":1,"block":{"attributes":{"annotation":{"type":"string","description_kind":"plain","optional":true,"computed":true},"description":{"type":"string","description_kind":"plain","optional":true,"computed":true},"endpoint_security_group_dn":{"type":"string","description_kind":"plain","required":true},"id":{"type":"string","description_kind":"plain","optional":true,"computed":true},"match_expression":{"type":"string","description_kind":"plain","required":true},"name":{"type":"string","description_kind":"plain","optional":true,"computed":true},"name_alias":{"type":"string","description_kind":"plain","optional":true,"computed":true}},"description_kind":"plain"}},"aci_endpoint_security_group_tag_selector":{"version":1,"block":{"attributes":{"annotation":{"type":"string","description_kind":"plain","optional":true,"computed":true},"description":{"type":"string","description_kind":"plain","optional":true,"computed":true},"endpoint_security_group_dn":{"type":"string","description_kind":"plain","required":true},"id":{"type":"string","description_kind":"plain","optional":true,"computed":true},"match_key":{"type":"string","description_kind":"plain","required":true},"match_value":{"type":"string","description_kind":"plain","required":true},"name":{"type":"string","description_kind":"plain","optional":true,"computed":true},"name_alias":{"type":"string","description_kind":"plain","optional":true,"computed":true},"value_operator":{"type":"string","description_kind":"plain","optional":true,"computed":true}},"description_kind":"plain"}},"aci_epg_to_contract":{"version":1,"block":{"attributes":{"annotation":{"type":"string","description_kind":"plain","optional":true,"computed":true},"application_epg_dn":{"type":"string","description_kind":"plain","required":true},"contract_dn":{"type":"string","description_kind":"plain","required":true},"contract_type":{"type":"string","description_kind":"plain","required":true},"description":{"type":"string","description_kind":"plain","optional":true,"computed":true},"id":{"type":"string","description_kind":"plain","optional":true,"computed":true},"match_t":{"type":"string","description_kind":"plain","optional":true,"computed":true},"prio":{"type":"string","description_kind":"plain","optional":true,"computed":true}},"description_kind":"plain"}},"aci_epg_to_domain":{"version":1,"block":{"attributes":{"allow_micro_seg":{"type":"bool","description_kind":"plain","optional":true,"computed":true},"annotation":{"type":"string","description_kind":"plain","optional":true,"computed":true},"application_epg_dn":{"type":"string","description_kind":"plain","required":true},"binding_type":{"type":"string","description_kind":"plain","optional":true,"computed":true},"delimiter":{"type":"string","description_kind":"plain","optional":true,"computed":true},"encap":{"type":"string","description_kind":"plain","optional":true,"computed":true},"encap_mode":{"type":"string","description_kind":"plain","optional":true,"computed":true},"epg_cos":{"type":"string","description_kind":"plain","optional":true,"computed":true},"epg_cos_pref":{"type":"string","description_kind":"plain","optional":true,"computed":true},"id":{"type":"string","description_kind":"plain","optional":true,"computed":true},"instr_imedcy":{"type":"string","description_kind":"plain","optional":true,"computed":true},"lag_policy_name":{"type":"string","description_kind":"plain","optional":true,"computed":true},"netflow_dir":{"type":"string","description_kind":"plain","optional":true,"computed":true},"netflow_pref":{"type":"string","description_kind":"plain","optional":true,"computed":true},"num_ports":{"type":"string","description_kind":"plain","optional":true,"computed":true},"port_allocation":{"type":"string","description_kind":"plain","optional":true,"computed":true},"primary_encap":{"type":"string","description_kind":"plain","optional":true,"computed":true},"primary_encap_inner":{"type":"string","description_kind":"plain","optional":true,"computed":true},"res_imedcy":{"type":"string","description_kind":"plain","optional":true,"computed":true},"secondary_encap_inner":{"type":"string","description_kind":"plain","optional":true,"computed":true},"switching_mode":{"type":"string","description_kind":"plain","optional":true,"computed":true},"tdn":{"type":"string","description_kind":"plain","required":true},"vmm_allow_promiscuous":{"type":"string","description_kind":"plain","optional":true,"computed":true},"vmm_forged_transmits":{"type":"string","description_kind":"plain","optional":true,"computed":true},"vmm_id":{"type":"string","description_kind":"plain","computed":true},"vmm_mac_changes":{"type":"string","description_kind":"plain","optional":true,"computed":true}},"description_kind":"plain"}},"aci_epg_to_static_path":{"version":1,"block":{"attributes":{"annotation":{"type":"string","description_kind":"plain","optional":true,"computed":true},"application_epg_dn":{"type":"string","description_kind":"plain","required":true},"description":{"type":"string","description_kind":"plain","optional":true,"computed":true},"encap":{"type":"string","description_kind":"plain","optional":true,"computed":true},"id":{"type":"string","description_kind":"plain","optional":true,"computed":true},"instr_imedcy":{"type":"string","description_kind":"plain","optional":true,"computed":true},"mode":{"type":"string","description_kind":"plain","optional":true,"computed":true},"primary_encap":{"type":"string","description_kind":"plain","optional":true,"computed":true},"tdn":{"type":"string","description_kind":"plain","required":true}},"description_kind":"plain"}},"aci_epgs_using_function":{"version":1,"block":{"attributes":{"access_generic_dn":{"type":"string","description_kind":"plain","required":true},"annotation":{"type":"string","description_kind":"plain","optional":true,"computed":true},"encap":{"type":"string","description_kind":"plain","required":true},"id":{"type":"string","description_kind":"plain","optional":true,"computed":true},"instr_imedcy":{"type":"string","description_kind":"plain","optional":true,"computed":true},"mode":{"type":"string","description_kind":"plain","optional":true,"computed":true},"primary_encap":{"type":"string","description_kind":"plain","optional":true,"computed":true},"tdn":{"type":"string","description_kind":"plain","required":true}},"description_kind":"plain"}},"aci_external_network_instance_profile":{"version":1,"block":{"attributes":{"annotation":{"type":"string","description_kind":"plain","optional":true,"computed":true},"description":{"type":"string","description_kind":"plain","optional":true,"computed":true},"exception_tag":{"type":"string","description_kind":"plain","optional":true,"computed":true},"flood_on_encap":{"type":"string","description_kind":"plain","optional":true,"computed":true},"id":{"type":"string","description_kind":"plain","optional":true,"computed":true},"l3_outside_dn":{"type":"string","description_kind":"plain","required":true},"match_t":{"type":"string","description_kind":"plain","optional":true,"computed":true},"name":{"type":"string","description_kind":"plain","required":true},"name_alias":{"type":"string","description_kind":"plain","optional":true,"computed":true},"pref_gr_memb":{"type":"string","description_kind":"plain","optional":true,"computed":true},"prio":{"type":"string","description_kind":"plain","optional":true,"computed":true},"relation_fv_rs_cons":{"type":["set","string"],"description_kind":"plain","optional":true},"relation_fv_rs_cons_if":{"type":["set","string"],"description_kind":"plain","optional":true},"relation_fv_rs_cust_qos_pol":{"type":"string","description_kind":"plain","optional":true},"relation_fv_rs_intra_epg":{"type":["set","string"],"description_kind":"plain","optional":true},"relation_fv_rs_prot_by":{"type":["set","string"],"description_kind":"plain","optional":true},"relation_fv_rs_prov":{"type":["set","string"],"description_kind":"plain","optional":true},"relation_fv_rs_sec_inherited":{"type":["set","string"],"description_kind":"plain","optional":true},"relation_l3ext_rs_inst_p_to_nat_mapping_epg":{"type":"string","description_kind":"plain","optional":true},"relation_l3ext_rs_l3_inst_p_to_dom_p":{"type":"string","description_kind":"plain","optional":true},"target_dscp":{"type":"string","description_kind":"plain","optional":true,"computed":true}},"block_types":{"relation_l3ext_rs_inst_p_to_profile":{"nesting_mode":"set","block":{"attributes":{"direction":{"type":"string","description_kind":"plain","required":true},"tn_rtctrl_profile_name":{"type":"string","description_kind":"plain","required":true}},"description_kind":"plain"}}},"description_kind":"plain"}},"aci_fabric_if_pol":{"version":1,"block":{"attributes":{"annotation":{"type":"string","description_kind":"plain","optional":true,"computed":true},"auto_neg":{"type":"string","description_kind":"plain","optional":true,"computed":true},"description":{"type":"string","description_kind":"plain","optional":true,"computed":true},"fec_mode":{"type":"string","description_kind":"plain","optional":true,"computed":true},"id":{"type":"string","description_kind":"plain","optional":true,"computed":true},"link_debounce":{"type":"string","description_kind":"plain","optional":true,"computed":true},"name":{"type":"string","description_kind":"plain","required":true},"name_alias":{"type":"string","description_kind":"plain","optional":true,"computed":true},"speed":{"type":"string","description_kind":"plain","optional":true,"computed":true}},"description_kind":"plain"}},"aci_fabric_node_member":{"version":1,"block":{"attributes":{"annotation":{"type":"string","description_kind":"plain","optional":true,"computed":true},"description":{"type":"string","description_kind":"plain","optional":true,"computed":true},"ext_pool_id":{"type":"string","description_kind":"plain","optional":true,"computed":true},"fabric_id":{"type":"string","description_kind":"plain","optional":true,"computed":true},"id":{"type":"string","description_kind":"plain","optional":true,"computed":true},"name":{"type":"string","description_kind":"plain","optional":true,"computed":true},"name_alias":{"type":"string","description_kind":"plain","optional":true,"computed":true},"node_id":{"type":"string","description_kind":"plain","optional":true,"computed":true},"node_type":{"type":"string","description_kind":"plain","optional":true,"computed":true},"pod_id":{"type":"string","description_kind":"plain","optional":true,"computed":true},"role":{"type":"string","description_kind":"plain","optional":true,"computed":true},"serial":{"type":"string","description_kind":"plain","required":true}},"description_kind":"plain"}},"aci_fc_domain":{"version":1,"block":{"attributes":{"annotation":{"type":"string","description_kind":"plain","optional":true},"id":{"type":"string","description_kind":"plain","optional":true,"computed":true},"name":{"type":"string","description_kind":"plain","required":true},"name_alias":{"type":"string","description_kind":"plain","optional":true,"computed":true},"relation_fc_rs_vsan_attr":{"type":"string","description_kind":"plain","optional":true},"relation_fc_rs_vsan_attr_def":{"type":"string","description_kind":"plain","optional":true},"relation_fc_rs_vsan_ns":{"type":"string","description_kind":"plain","optional":true},"relation_fc_rs_vsan_ns_def":{"type":"string","description_kind":"plain","optional":true},"relation_infra_rs_dom_vxlan_ns_def":{"type":"string","description_kind":"plain","optional":true},"relation_infra_rs_vip_addr_ns":{"type":"string","description_kind":"plain","optional":true},"relation_infra_rs_vlan_ns":{"type":"string","description_kind":"plain","optional":true},"relation_infra_rs_vlan_ns_def":{"type":"string","description_kind":"plain","optional":true}},"description_kind":"plain"}},"aci_fex_bundle_group":{"version":1,"block":{"attributes":{"annotation":{"type":"string","description_kind":"plain","optional":true,"computed":true},"description":{"type":"string","description_kind":"plain","optional":true,"computed":true},"fex_profile_dn":{"type":"string","description_kind":"plain","required":true},"id":{"type":"string","description_kind":"plain","optional":true,"computed":true},"name":{"type":"string","description_kind":"plain","required":true},"name_alias":{"type":"string","description_kind":"plain","optional":true,"computed":true},"relation_infra_rs_fex_bndl_grp_to_aggr_if":{"type":["set","string"],"description_kind":"plain","optional":true},"relation_infra_rs_mon_fex_infra_pol":{"type":"string","description_kind":"plain","optional":true}},"description_kind":"plain"}},"aci_fex_profile":{"version":1,"block":{"attributes":{"annotation":{"type":"string","description_kind":"plain","optional":true,"computed":true},"description":{"type":"string","description_kind":"plain","optional":true,"computed":true},"id":{"type":"string","description_kind":"plain","optional":true,"computed":true},"name":{"type":"string","description_kind":"plain","required":true},"name_alias":{"type":"string","description_kind":"plain","optional":true,"computed":true}},"description_kind":"plain"}},"aci_filter":{"version":1,"block":{"attributes":{"annotation":{"type":"string","description_kind":"plain","optional":true,"computed":true},"description":{"type":"string","description_kind":"plain","optional":true,"computed":true},"id":{"type":"string","description_kind":"plain","optional":true,"computed":true},"name":{"type":"string","description_kind":"plain","required":true},"name_alias":{"type":"string","description_kind":"plain","optional":true,"computed":true},"relation_vz_rs_filt_graph_att":{"type":"string","description_kind":"plain","optional":true},"relation_vz_rs_fwd_r_flt_p_att":{"type":"string","description_kind":"plain","optional":true},"relation_vz_rs_rev_r_flt_p_att":{"type":"string","description_kind":"plain","optional":true},"tenant_dn":{"type":"string","description_kind":"plain","required":true}},"description_kind":"plain"}},"aci_filter_entry":{"version":1,"block":{"attributes":{"annotation":{"type":"string","description_kind":"plain","optional":true,"computed":true},"apply_to_frag":{"type":"string","description_kind":"plain","optional":true,"computed":true},"arp_opc":{"type":"string","description_kind":"plain","optional":true,"computed":true},"d_from_port":{"type":"string","description_kind":"plain","optional":true,"computed":true},"d_to_port":{"type":"string","description_kind":"plain","optional":true,"computed":true},"description":{"type":"string","description_kind":"plain","optional":true,"computed":true},"ether_t":{"type":"string","description_kind":"plain","optional":true,"computed":true},"filter_dn":{"type":"string","description_kind":"plain","required":true},"icmpv4_t":{"type":"string","description_kind":"plain","optional":true,"computed":true},"icmpv6_t":{"type":"string","description_kind":"plain","optional":true,"computed":true},"id":{"type":"string","description_kind":"plain","optional":true,"computed":true},"match_dscp":{"type":"string","description_kind":"plain","optional":true,"computed":true},"name":{"type":"string","description_kind":"plain","required":true},"name_alias":{"type":"string","description_kind":"plain","optional":true,"computed":true},"prot":{"type":"string","description_kind":"plain","optional":true,"computed":true},"s_from_port":{"type":"string","description_kind":"plain","optional":true,"computed":true},"s_to_port":{"type":"string","description_kind":"plain","optional":true,"computed":true},"stateful":{"type":"string","description_kind":"plain","optional":true,"computed":true},"tcp_rules":{"type":["list","string"],"description_kind":"plain","optional":true,"computed":true}},"description_kind":"plain"}},"aci_firmware_download_task":{"version":1,"block":{"attributes":{"annotation":{"type":"string","description_kind":"plain","optional":true,"computed":true},"auth_pass":{"type":"string","description_kind":"plain","optional":true,"computed":true},"auth_type":{"type":"string","description_kind":"plain","optional":true,"computed":true},"description":{"type":"string","description_kind":"plain","optional":true,"computed":true},"dnld_task_flip":{"type":"string","description_kind":"plain","optional":true,"computed":true},"id":{"type":"string","description_kind":"plain","optional":true,"computed":true},"identity_private_key_contents":{"type":"string","description_kind":"plain","optional":true,"computed":true},"identity_private_key_passphrase":{"type":"string","description_kind":"plain","optional":true,"computed":true},"identity_public_key_contents":{"type":"string","description_kind":"plain","optional":true,"computed":true},"load_catalog_if_exists_and_newer":{"type":"string","description_kind":"plain","optional":true,"computed":true},"name":{"type":"string","description_kind":"plain","required":true},"name_alias":{"type":"string","description_kind":"plain","optional":true,"computed":true},"password":{"type":"string","description_kind":"plain","optional":true,"computed":true},"polling_interval":{"type":"string","description_kind":"plain","optional":true,"computed":true},"proto":{"type":"string","description_kind":"plain","optional":true,"computed":true},"url":{"type":"string","description_kind":"plain","optional":true,"computed":true},"user":{"type":"string","description_kind":"plain","optional":true,"computed":true}},"description_kind":"plain"}},"aci_firmware_group":{"version":1,"block":{"attributes":{"annotation":{"type":"string","description_kind":"plain","optional":true,"computed":true},"description":{"type":"string","description_kind":"plain","optional":true,"computed":true},"firmware_group_type":{"type":"string","description_kind":"plain","optional":true,"computed":true},"id":{"type":"string","description_kind":"plain","optional":true,"computed":true},"name":{"type":"string","description_kind":"plain","required":true},"name_alias":{"type":"string","description_kind":"plain","optional":true,"computed":true},"relation_firmware_rs_fwgrpp":{"type":"string","description_kind":"plain","optional":true}},"description_kind":"plain"}},"aci_firmware_policy":{"version":1,"block":{"attributes":{"annotation":{"type":"string","description_kind":"plain","optional":true,"computed":true},"description":{"type":"string","description_kind":"plain","optional":true,"computed":true},"effective_on_reboot":{"type":"string","description_kind":"plain","optional":true,"computed":true},"id":{"type":"string","description_kind":"plain","optional":true,"computed":true},"ignore_compat":{"type":"string","description_kind":"plain","optional":true,"computed":true},"internal_label":{"type":"string","description_kind":"plain","optional":true,"computed":true},"name":{"type":"string","description_kind":"plain","required":true},"name_alias":{"type":"string","description_kind":"plain","optional":true,"computed":true},"version":{"type":"string","description_kind":"plain","optional":true,"computed":true},"version_check_override":{"type":"string","description_kind":"plain","optional":true,"computed":true}},"description_kind":"plain"}},"aci_function_node":{"version":1,"block":{"attributes":{"annotation":{"type":"string","description_kind":"plain","optional":true,"computed":true},"conn_consumer_dn":{"type":"string","description_kind":"plain","optional":true,"computed":true},"conn_provider_dn":{"type":"string","description_kind":"plain","optional":true,"computed":true},"description":{"type":"string","description_kind":"plain","optional":true,"computed":true},"func_template_type":{"type":"string","description_kind":"plain","optional":true,"computed":true},"func_type":{"type":"string","description_kind":"plain","optional":true,"computed":true},"id":{"type":"string","description_kind":"plain","optional":true,"computed":true},"is_copy":{"type":"string","description_kind":"plain","optional":true,"computed":true},"l4_l7_service_graph_template_dn":{"type":"string","description_kind":"plain","required":true},"managed":{"type":"string","description_kind":"plain","optional":true,"computed":true},"name":{"type":"string","description_kind":"plain","required":true},"name_alias":{"type":"string","description_kind":"plain","optional":true,"computed":true},"relation_vns_rs_default_scope_to_term":{"type":"string","description_kind":"plain","optional":true},"relation_vns_rs_node_to_abs_func_prof":{"type":"string","description_kind":"plain","optional":true},"relation_vns_rs_node_to_cloud_l_dev":{"type":"string","description_kind":"plain","optional":true},"relation_vns_rs_node_to_l_dev":{"type":"string","description_kind":"plain","optional":true},"relation_vns_rs_node_to_m_func":{"type":"string","description_kind":"plain","optional":true},"routing_mode":{"type":"string","description_kind":"plain","optional":true,"computed":true},"sequence_number":{"type":"string","description_kind":"plain","optional":true,"computed":true},"share_encap":{"type":"string","description_kind":"plain","optional":true,"computed":true}},"description_kind":"plain"}},"aci_hsrp_group_policy":{"version":1,"block":{"attributes":{"annotation":{"type":"string","description_kind":"plain","optional":true,"computed":true},"ctrl":{"type":"string","description_kind":"plain","optional":true,"computed":true},"description":{"type":"string","description_kind":"plain","optional":true,"computed":true},"hello_intvl":{"type":"string","description_kind":"plain","optional":true,"computed":true},"hold_intvl":{"type":"string","description_kind":"plain","optional":true,"computed":true},"hsrp_group_policy_type":{"type":"string","description_kind":"plain","optional":true,"computed":true},"id":{"type":"string","description_kind":"plain","optional":true,"computed":true},"key":{"type":"string","description_kind":"plain","optional":true,"computed":true},"name":{"type":"string","description_kind":"plain","required":true},"name_alias":{"type":"string","description_kind":"plain","optional":true,"computed":true},"preempt_delay_min":{"type":"string","description_kind":"plain","optional":true,"computed":true},"preempt_delay_reload":{"type":"string","description_kind":"plain","optional":true,"computed":true},"preempt_delay_sync":{"type":"string","description_kind":"plain","optional":true,"computed":true},"prio":{"type":"string","description_kind":"plain","optional":true,"computed":true},"tenant_dn":{"type":"string","description_kind":"plain","required":true},"timeout":{"type":"string","description_kind":"plain","optional":true,"computed":true}},"description_kind":"plain"}},"aci_hsrp_interface_policy":{"version":1,"block":{"attributes":{"annotation":{"type":"string","description_kind":"plain","optional":true,"computed":true},"ctrl":{"type":"string","description_kind":"plain","optional":true},"delay":{"type":"string","description_kind":"plain","optional":true,"computed":true},"description":{"type":"string","description_kind":"plain","optional":true,"computed":true},"id":{"type":"string","description_kind":"plain","optional":true,"computed":true},"name":{"type":"string","description_kind":"plain","required":true},"name_alias":{"type":"string","description_kind":"plain","optional":true,"computed":true},"reload_delay":{"type":"string","description_kind":"plain","optional":true,"computed":true},"tenant_dn":{"type":"string","description_kind":"plain","required":true}},"description_kind":"plain"}},"aci_imported_contract":{"version":1,"block":{"attributes":{"annotation":{"type":"string","description_kind":"plain","optional":true,"computed":true},"description":{"type":"string","description_kind":"plain","optional":true,"computed":true},"id":{"type":"string","description_kind":"plain","optional":true,"computed":true},"name":{"type":"string","description_kind":"plain","required":true},"name_alias":{"type":"string","description_kind":"plain","optional":true,"computed":true},"relation_vz_rs_if":{"type":"string","description_kind":"plain","optional":true},"tenant_dn":{"type":"string","description_kind":"plain","required":true}},"description_kind":"plain"}},"aci_interface_fc_policy":{"version":1,"block":{"attributes":{"annotation":{"type":"string","description_kind":"plain","optional":true,"computed":true},"automaxspeed":{"type":"string","description_kind":"plain","optional":true,"computed":true},"description":{"type":"string","description_kind":"plain","optional":true,"computed":true},"fill_pattern":{"type":"string","description_kind":"plain","optional":true,"computed":true},"id":{"type":"string","description_kind":"plain","optional":true,"computed":true},"name":{"type":"string","description_kind":"plain","required":true},"name_alias":{"type":"string","description_kind":"plain","optional":true,"computed":true},"port_mode":{"type":"string","description_kind":"plain","optional":true,"computed":true},"rx_bb_credit":{"type":"string","description_kind":"plain","optional":true,"computed":true},"speed":{"type":"string","description_kind":"plain","optional":true,"computed":true},"trunk_mode":{"type":"string","description_kind":"plain","optional":true,"computed":true}},"description_kind":"plain"}},"aci_l2_domain":{"version":1,"block":{"attributes":{"annotation":{"type":"string","description_kind":"plain","optional":true,"computed":true},"id":{"type":"string","description_kind":"plain","optional":true,"computed":true},"name":{"type":"string","description_kind":"plain","required":true},"name_alias":{"type":"string","description_kind":"plain","optional":true,"computed":true},"relation_extnw_rs_out":{"type":["set","string"],"description_kind":"plain","optional":true},"relation_infra_rs_dom_vxlan_ns_def":{"type":"string","description_kind":"plain","optional":true},"relation_infra_rs_vip_addr_ns":{"type":"string","description_kind":"plain","optional":true},"relation_infra_rs_vlan_ns":{"type":"string","description_kind":"plain","optional":true},"relation_infra_rs_vlan_ns_def":{"type":"string","description_kind":"plain","optional":true}},"description_kind":"plain"}},"aci_l2_interface_policy":{"version":1,"block":{"attributes":{"annotation":{"type":"string","description_kind":"plain","optional":true,"computed":true},"description":{"type":"string","description_kind":"plain","optional":true,"computed":true},"id":{"type":"string","description_kind":"plain","optional":true,"computed":true},"name":{"type":"string","description_kind":"plain","required":true},"name_alias":{"type":"string","description_kind":"plain","optional":true,"computed":true},"qinq":{"type":"string","description_kind":"plain","optional":true,"computed":true},"vepa":{"type":"string","description_kind":"plain","optional":true,"computed":true},"vlan_scope":{"type":"string","description_kind":"plain","optional":true,"computed":true}},"description_kind":"plain"}},"aci_l2_outside":{"version":1,"block":{"attributes":{"annotation":{"type":"string","description_kind":"plain","optional":true,"computed":true},"description":{"type":"string","description_kind":"plain","optional":true,"computed":true},"id":{"type":"string","description_kind":"plain","optional":true,"computed":true},"name":{"type":"string","description_kind":"plain","required":true},"name_alias":{"type":"string","description_kind":"plain","optional":true,"computed":true},"relation_l2ext_rs_e_bd":{"type":"string","description_kind":"plain","optional":true},"relation_l2ext_rs_l2_dom_att":{"type":"string","description_kind":"plain","optional":true},"target_dscp":{"type":"string","description_kind":"plain","optional":true,"computed":true},"tenant_dn":{"type":"string","description_kind":"plain","required":true}},"description_kind":"plain"}},"aci_l2out_extepg":{"version":1,"block":{"attributes":{"annotation":{"type":"string","description_kind":"plain","optional":true,"computed":true},"description":{"type":"string","description_kind":"plain","optional":true,"computed":true},"exception_tag":{"type":"string","description_kind":"plain","optional":true,"computed":true},"flood_on_encap":{"type":"string","description_kind":"plain","optional":true,"computed":true},"id":{"type":"string","description_kind":"plain","optional":true,"computed":true},"l2_outside_dn":{"type":"string","description_kind":"plain","required":true},"match_t":{"type":"string","description_kind":"plain","optional":true,"computed":true},"name":{"type":"string","description_kind":"plain","required":true},"name_alias":{"type":"string","description_kind":"plain","optional":true,"computed":true},"pref_gr_memb":{"type":"string","description_kind":"plain","optional":true,"computed":true},"prio":{"type":"string","description_kind":"plain","optional":true,"computed":true},"relation_fv_rs_cons":{"type":["set","string"],"description_kind":"plain","optional":true},"relation_fv_rs_cons_if":{"type":["set","string"],"description_kind":"plain","optional":true},"relation_fv_rs_cust_qos_pol":{"type":"string","description_kind":"plain","optional":true},"relation_fv_rs_intra_epg":{"type":["set","string"],"description_kind":"plain","optional":true},"relation_fv_rs_prot_by":{"type":["set","string"],"description_kind":"plain","optional":true},"relation_fv_rs_prov":{"type":["set","string"],"description_kind":"plain","optional":true},"relation_fv_rs_sec_inherited":{"type":["set","string"],"description_kind":"plain","optional":true},"relation_l2ext_rs_l2_inst_p_to_dom_p":{"type":"string","description_kind":"plain","optional":true},"target_dscp":{"type":"string","description_kind":"plain","optional":true,"computed":true}},"description_kind":"plain"}},"aci_l3_domain_profile":{"version":1,"block":{"attributes":{"annotation":{"type":"string","description_kind":"plain","optional":true,"computed":true},"id":{"type":"string","description_kind":"plain","optional":true,"computed":true},"name":{"type":"string","description_kind":"plain","required":true},"name_alias":{"type":"string","description_kind":"plain","optional":true,"computed":true},"relation_extnw_rs_out":{"type":["set","string"],"description_kind":"plain","optional":true},"relation_infra_rs_dom_vxlan_ns_def":{"type":"string","description_kind":"plain","optional":true},"relation_infra_rs_vip_addr_ns":{"type":"string","description_kind":"plain","optional":true},"relation_infra_rs_vlan_ns":{"type":"string","description_kind":"plain","optional":true},"relation_infra_rs_vlan_ns_def":{"type":"string","description_kind":"plain","optional":true}},"description_kind":"plain"}},"aci_l3_ext_subnet":{"version":1,"block":{"attributes":{"aggregate":{"type":"string","description_kind":"plain","optional":true,"computed":true},"annotation":{"type":"string","description_kind":"plain","optional":true,"computed":true},"description":{"type":"string","description_kind":"plain","optional":true,"computed":true},"external_network_instance_profile_dn":{"type":"string","description_kind":"plain","required":true},"id":{"type":"string","description_kind":"plain","optional":true,"computed":true},"ip":{"type":"string","description_kind":"plain","required":true},"name_alias":{"type":"string","description_kind":"plain","optional":true,"computed":true},"relation_l3ext_rs_subnet_to_rt_summ":{"type":"string","description_kind":"plain","optional":true},"scope":{"type":["list","string"],"description_kind":"plain","optional":true,"computed":true}},"block_types":{"relation_l3ext_rs_subnet_to_profile":{"nesting_mode":"set","block":{"attributes":{"direction":{"type":"string","description_kind":"plain","required":true},"tn_rtctrl_profile_dn":{"type":"string","description_kind":"plain","optional":true},"tn_rtctrl_profile_name":{"type":"string","description_kind":"plain","deprecated":true,"optional":true}},"description_kind":"plain"}}},"description_kind":"plain"}},"aci_l3_outside":{"version":1,"block":{"attributes":{"annotation":{"type":"string","description_kind":"plain","optional":true,"computed":true},"description":{"type":"string","description_kind":"plain","optional":true,"computed":true},"enforce_rtctrl":{"type":["list","string"],"description_kind":"plain","optional":true,"computed":true},"id":{"type":"string","description_kind":"plain","optional":true,"computed":true},"name":{"type":"string","description_kind":"plain","required":true},"name_alias":{"type":"string","description_kind":"plain","optional":true,"computed":true},"relation_l3ext_rs_ectx":{"type":"string","description_kind":"plain","optional":true},"relation_l3ext_rs_interleak_pol":{"type":"string","description_kind":"plain","optional":true},"relation_l3ext_rs_l3_dom_att":{"type":"string","description_kind":"plain","optional":true},"relation_l3ext_rs_out_to_bd_public_subnet_holder":{"type":["set","string"],"description_kind":"plain","optional":true},"target_dscp":{"type":"string","description_kind":"plain","optional":true,"computed":true},"tenant_dn":{"type":"string","description_kind":"plain","required":true}},"block_types":{"relation_l3ext_rs_dampening_pol":{"nesting_mode":"set","block":{"attributes":{"af":{"type":"string","description_kind":"plain","required":true},"tn_rtctrl_profile_name":{"type":"string","description_kind":"plain","required":true}},"description_kind":"plain"}}},"description_kind":"plain"}},"aci_l3out_bfd_interface_profile":{"version":1,"block":{"attributes":{"annotation":{"type":"string","description_kind":"plain","optional":true,"computed":true},"description":{"type":"string","description_kind":"plain","optional":true,"computed":true},"id":{"type":"string","description_kind":"plain","optional":true,"computed":true},"interface_profile_type":{"type":"string","description_kind":"plain","optional":true,"computed":true},"key":{"type":"string","description_kind":"plain","optional":true,"computed":true},"key_id":{"type":"string","description_kind":"plain","optional":true,"computed":true},"logical_interface_profile_dn":{"type":"string","description_kind":"plain","required":true},"name_alias":{"type":"string","description_kind":"plain","optional":true,"computed":true},"relation_bfd_rs_if_pol":{"type":"string","description_kind":"plain","optional":true}},"description_kind":"plain"}},"aci_l3out_bgp_external_policy":{"version":1,"block":{"attributes":{"annotation":{"type":"string","description_kind":"plain","optional":true,"computed":true},"description":{"type":"string","description_kind":"plain","optional":true,"computed":true},"id":{"type":"string","description_kind":"plain","optional":true,"computed":true},"l3_outside_dn":{"type":"string","description_kind":"plain","required":true},"name_alias":{"type":"string","description_kind":"plain","optional":true,"computed":true}},"description_kind":"plain"}},"aci_l3out_bgp_protocol_profile":{"version":1,"block":{"attributes":{"annotation":{"type":"string","description_kind":"plain","optional":true},"id":{"type":"string","description_kind":"plain","optional":true,"computed":true},"logical_node_profile_dn":{"type":"string","description_kind":"plain","required":true},"name_alias":{"type":"string","description_kind":"plain","optional":true,"computed":true},"relation_bgp_rs_bgp_node_ctx_pol":{"type":"string","description_kind":"plain","optional":true}},"description_kind":"plain"}},"aci_l3out_floating_svi":{"version":1,"block":{"attributes":{"addr":{"type":"string","description_kind":"plain","optional":true,"computed":true},"annotation":{"type":"string","description_kind":"plain","optional":true,"computed":true},"autostate":{"type":"string","description_kind":"plain","optional":true,"computed":true},"description":{"type":"string","description_kind":"plain","optional":true,"computed":true},"encap":{"type":"string","description_kind":"plain","required":true},"encap_scope":{"type":"string","description_kind":"plain","optional":true,"computed":true},"id":{"type":"string","description_kind":"plain","optional":true,"computed":true},"if_inst_t":{"type":"string","description_kind":"plain","optional":true,"computed":true},"ipv6_dad":{"type":"string","description_kind":"plain","optional":true,"computed":true},"ll_addr":{"type":"string","description_kind":"plain","optional":true,"computed":true},"logical_interface_profile_dn":{"type":"string","description_kind":"plain","required":true},"mac":{"type":"string","description_kind":"plain","optional":true,"computed":true},"mode":{"type":"string","description_kind":"plain","optional":true,"computed":true},"mtu":{"type":"string","description_kind":"plain","optional":true,"computed":true},"node_dn":{"type":"string","description_kind":"plain","required":true},"relation_l3ext_rs_dyn_path_att":{"type":["set","string"],"description_kind":"plain","optional":true},"target_dscp":{"type":"string","description_kind":"plain","optional":true,"computed":true}},"description_kind":"plain"}},"aci_l3out_hsrp_interface_group":{"version":1,"block":{"attributes":{"annotation":{"type":"string","description_kind":"plain","optional":true,"computed":true},"config_issues":{"type":"string","description_kind":"plain","optional":true,"computed":true},"description":{"type":"string","description_kind":"plain","optional":true,"computed":true},"group_af":{"type":"string","description_kind":"plain","optional":true,"computed":true},"group_id":{"type":"string","description_kind":"plain","optional":true,"computed":true},"group_name":{"type":"string","description_kind":"plain","optional":true,"computed":true},"id":{"type":"string","description_kind":"plain","optional":true,"computed":true},"ip":{"type":"string","description_kind":"plain","optional":true,"computed":true},"ip_obtain_mode":{"type":"string","description_kind":"plain","optional":true,"computed":true},"l3out_hsrp_interface_profile_dn":{"type":"string","description_kind":"plain","required":true},"mac":{"type":"string","description_kind":"plain","optional":true,"computed":true},"name":{"type":"string","description_kind":"plain","required":true},"name_alias":{"type":"string","description_kind":"plain","optional":true,"computed":true},"relation_hsrp_rs_group_pol":{"type":"string","description_kind":"plain","optional":true}},"description_kind":"plain"}},"aci_l3out_hsrp_interface_profile":{"version":1,"block":{"attributes":{"annotation":{"type":"string","description_kind":"plain","optional":true,"computed":true},"description":{"type":"string","description_kind":"plain","optional":true,"computed":true},"id":{"type":"string","description_kind":"plain","optional":true,"computed":true},"logical_interface_profile_dn":{"type":"string","description_kind":"plain","required":true},"name_alias":{"type":"string","description_kind":"plain","optional":true,"computed":true},"relation_hsrp_rs_if_pol":{"type":"string","description_kind":"plain","optional":true},"version":{"type":"string","description_kind":"plain","optional":true,"computed":true}},"description_kind":"plain"}},"aci_l3out_hsrp_secondary_vip":{"version":1,"block":{"attributes":{"annotation":{"type":"string","description_kind":"plain","optional":true,"computed":true},"config_issues":{"type":"string","description_kind":"plain","optional":true,"computed":true},"description":{"type":"string","description_kind":"plain","optional":true,"computed":true},"id":{"type":"string","description_kind":"plain","optional":true,"computed":true},"ip":{"type":"string","description_kind":"plain","required":true},"l3out_hsrp_interface_group_dn":{"type":"string","description_kind":"plain","required":true},"name_alias":{"type":"string","description_kind":"plain","optional":true,"computed":true}},"description_kind":"plain"}},"aci_l3out_loopback_interface_profile":{"version":1,"block":{"attributes":{"addr":{"type":"string","description_kind":"plain","required":true},"annotation":{"type":"string","description_kind":"plain","optional":true,"computed":true},"description":{"type":"string","description_kind":"plain","optional":true,"computed":true},"fabric_node_dn":{"type":"string","description_kind":"plain","required":true},"id":{"type":"string","description_kind":"plain","optional":true,"computed":true},"name_alias":{"type":"string","description_kind":"plain","optional":true,"computed":true}},"description_kind":"plain"}},"aci_l3out_ospf_external_policy":{"version":1,"block":{"attributes":{"annotation":{"type":"string","description_kind":"plain","optional":true,"computed":true},"area_cost":{"type":"string","description_kind":"plain","optional":true,"computed":true},"area_ctrl":{"type":"string","description_kind":"plain","optional":true,"computed":true},"area_id":{"type":"string","description_kind":"plain","optional":true,"computed":true},"area_type":{"type":"string","description_kind":"plain","optional":true,"computed":true},"description":{"type":"string","description_kind":"plain","optional":true,"computed":true},"id":{"type":"string","description_kind":"plain","optional":true,"computed":true},"l3_outside_dn":{"type":"string","description_kind":"plain","required":true},"multipod_internal":{"type":"string","description_kind":"plain","optional":true,"computed":true},"name_alias":{"type":"string","description_kind":"plain","optional":true,"computed":true}},"description_kind":"plain"}},"aci_l3out_ospf_interface_profile":{"version":1,"block":{"attributes":{"annotation":{"type":"string","description_kind":"plain","optional":true,"computed":true},"auth_key":{"type":"string","description_kind":"plain","required":true},"auth_key_id":{"type":"string","description_kind":"plain","optional":true,"computed":true},"auth_type":{"type":"string","description_kind":"plain","optional":true,"computed":true},"description":{"type":"string","description_kind":"plain","optional":true,"computed":true},"id":{"type":"string","description_kind":"plain","optional":true,"computed":true},"logical_interface_profile_dn":{"type":"string","description_kind":"plain","required":true},"name_alias":{"type":"string","description_kind":"plain","optional":true,"computed":true},"relation_ospf_rs_if_pol":{"type":"string","description_kind":"plain","optional":true}},"description_kind":"plain"}},"aci_l3out_path_attachment":{"version":1,"block":{"attributes":{"addr":{"type":"string","description_kind":"plain","optional":true,"computed":true},"annotation":{"type":"string","description_kind":"plain","optional":true,"computed":true},"autostate":{"type":"string","description_kind":"plain","optional":true,"computed":true},"description":{"type":"string","description_kind":"plain","optional":true,"computed":true},"encap":{"type":"string","description_kind":"plain","optional":true,"computed":true},"encap_scope":{"type":"string","description_kind":"plain","optional":true,"computed":true},"id":{"type":"string","description_kind":"plain","optional":true,"computed":true},"if_inst_t":{"type":"string","description_kind":"plain","required":true},"ipv6_dad":{"type":"string","description_kind":"plain","optional":true,"computed":true},"ll_addr":{"type":"string","description_kind":"plain","optional":true,"computed":true},"logical_interface_profile_dn":{"type":"string","description_kind":"plain","required":true},"mac":{"type":"string","description_kind":"plain","optional":true,"computed":true},"mode":{"type":"string","description_kind":"plain","optional":true,"computed":true},"mtu":{"type":"string","description_kind":"plain","optional":true,"computed":true},"target_dn":{"type":"string","description_kind":"plain","required":true},"target_dscp":{"type":"string","description_kind":"plain","optional":true,"computed":true}},"description_kind":"plain"}},"aci_l3out_path_attachment_secondary_ip":{"version":1,"block":{"attributes":{"addr":{"type":"string","description_kind":"plain","required":true},"annotation":{"type":"string","description_kind":"plain","optional":true,"computed":true},"description":{"type":"string","description_kind":"plain","optional":true,"computed":true},"id":{"type":"string","description_kind":"plain","optional":true,"computed":true},"ipv6_dad":{"type":"string","description_kind":"plain","optional":true,"computed":true},"l3out_path_attachment_dn":{"type":"string","description_kind":"plain","required":true},"name_alias":{"type":"string","description_kind":"plain","optional":true,"computed":true}},"description_kind":"plain"}},"aci_l3out_route_tag_policy":{"version":1,"block":{"attributes":{"annotation":{"type":"string","description_kind":"plain","optional":true,"computed":true},"description":{"type":"string","description_kind":"plain","optional":true,"computed":true},"id":{"type":"string","description_kind":"plain","optional":true,"computed":true},"name":{"type":"string","description_kind":"plain","required":true},"name_alias":{"type":"string","description_kind":"plain","optional":true,"computed":true},"tag":{"type":"string","description_kind":"plain","optional":true,"computed":true},"tenant_dn":{"type":"string","description_kind":"plain","required":true}},"description_kind":"plain"}},"aci_l3out_static_route":{"version":1,"block":{"attributes":{"aggregate":{"type":"string","description_kind":"plain","optional":true,"computed":true},"annotation":{"type":"string","description_kind":"plain","optional":true,"computed":true},"description":{"type":"string","description_kind":"plain","optional":true,"computed":true},"fabric_node_dn":{"type":"string","description_kind":"plain","required":true},"id":{"type":"string","description_kind":"plain","optional":true,"computed":true},"ip":{"type":"string","description_kind":"plain","required":true},"name_alias":{"type":"string","description_kind":"plain","optional":true,"computed":true},"pref":{"type":"string","description_kind":"plain","optional":true,"computed":true},"relation_ip_rs_route_track":{"type":"string","description_kind":"plain","optional":true},"rt_ctrl":{"type":"string","description_kind":"plain","optional":true,"computed":true}},"description_kind":"plain"}},"aci_l3out_static_route_next_hop":{"version":1,"block":{"attributes":{"annotation":{"type":"string","description_kind":"plain","optional":true,"computed":true},"description":{"type":"string","description_kind":"plain","optional":true,"computed":true},"id":{"type":"string","description_kind":"plain","optional":true,"computed":true},"name_alias":{"type":"string","description_kind":"plain","optional":true,"computed":true},"nexthop_profile_type":{"type":"string","description_kind":"plain","optional":true,"computed":true},"nh_addr":{"type":"string","description_kind":"plain","required":true},"pref":{"type":"string","description_kind":"plain","optional":true,"computed":true},"relation_ip_rs_nexthop_route_track":{"type":"string","description_kind":"plain","optional":true},"relation_ip_rs_nh_track_member":{"type":"string","description_kind":"plain","optional":true},"static_route_dn":{"type":"string","description_kind":"plain","required":true}},"description_kind":"plain"}},"aci_l3out_vpc_member":{"version":1,"block":{"attributes":{"addr":{"type":"string","description_kind":"plain","optional":true,"computed":true},"annotation":{"type":"string","description_kind":"plain","optional":true,"computed":true},"description":{"type":"string","description_kind":"plain","optional":true,"computed":true},"id":{"type":"string","description_kind":"plain","optional":true,"computed":true},"ipv6_dad":{"type":"string","description_kind":"plain","optional":true,"computed":true},"leaf_port_dn":{"type":"string","description_kind":"plain","required":true},"ll_addr":{"type":"string","description_kind":"plain","optional":true,"computed":true},"name_alias":{"type":"string","description_kind":"plain","optional":true,"computed":true},"side":{"type":"string","description_kind":"plain","required":true}},"description_kind":"plain"}},"aci_l4_l7_service_graph_template":{"version":1,"block":{"attributes":{"annotation":{"type":"string","description_kind":"plain","optional":true,"computed":true},"description":{"type":"string","description_kind":"plain","optional":true,"computed":true},"id":{"type":"string","description_kind":"plain","optional":true,"computed":true},"l4_l7_service_graph_template_type":{"type":"string","description_kind":"plain","optional":true,"computed":true},"name":{"type":"string","description_kind":"plain","required":true},"name_alias":{"type":"string","description_kind":"plain","optional":true,"computed":true},"tenant_dn":{"type":"string","description_kind":"plain","required":true},"term_cons_dn":{"type":"string","description_kind":"plain","optional":true,"computed":true},"term_cons_name":{"type":"string","description_kind":"plain","optional":true},"term_node_cons_dn":{"type":"string","description_kind":"plain","optional":true,"computed":true},"term_node_prov_dn":{"type":"string","description_kind":"plain","optional":true,"computed":true},"term_prov_dn":{"type":"string","description_kind":"plain","optional":true,"computed":true},"term_prov_name":{"type":"string","description_kind":"plain","optional":true},"ui_template_type":{"type":"string","description_kind":"plain","optional":true,"computed":true}},"description_kind":"plain"}},"aci_lacp_policy":{"version":1,"block":{"attributes":{"annotation":{"type":"string","description_kind":"plain","optional":true,"computed":true},"ctrl":{"type":["list","string"],"description_kind":"plain","optional":true,"computed":true},"description":{"type":"string","description_kind":"plain","optional":true,"computed":true},"id":{"type":"string","description_kind":"plain","optional":true,"computed":true},"max_links":{"type":"string","description_kind":"plain","optional":true,"computed":true},"min_links":{"type":"string","description_kind":"plain","optional":true,"computed":true},"mode":{"type":"string","description_kind":"plain","optional":true,"computed":true},"name":{"type":"string","description_kind":"plain","required":true},"name_alias":{"type":"string","description_kind":"plain","optional":true,"computed":true}},"description_kind":"plain"}},"aci_leaf_access_bundle_policy_group":{"version":1,"block":{"attributes":{"annotation":{"type":"string","description_kind":"plain","optional":true,"computed":true},"description":{"type":"string","description_kind":"plain","optional":true,"computed":true},"id":{"type":"string","description_kind":"plain","optional":true,"computed":true},"lag_t":{"type":"string","description_kind":"plain","optional":true,"computed":true},"name":{"type":"string","description_kind":"plain","required":true},"name_alias":{"type":"string","description_kind":"plain","optional":true,"computed":true},"relation_infra_rs_att_ent_p":{"type":"string","description_kind":"plain","optional":true},"relation_infra_rs_cdp_if_pol":{"type":"string","description_kind":"plain","optional":true},"relation_infra_rs_copp_if_pol":{"type":"string","description_kind":"plain","optional":true},"relation_infra_rs_fc_if_pol":{"type":"string","description_kind":"plain","optional":true},"relation_infra_rs_h_if_pol":{"type":"string","description_kind":"plain","optional":true},"relation_infra_rs_l2_if_pol":{"type":"string","description_kind":"plain","optional":true},"relation_infra_rs_l2_inst_pol":{"type":"string","description_kind":"plain","optional":true},"relation_infra_rs_l2_port_auth_pol":{"type":"string","description_kind":"plain","optional":true},"relation_infra_rs_l2_port_security_pol":{"type":"string","description_kind":"plain","optional":true},"relation_infra_rs_lacp_pol":{"type":"string","description_kind":"plain","optional":true},"relation_infra_rs_lldp_if_pol":{"type":"string","description_kind":"plain","optional":true},"relation_infra_rs_macsec_if_pol":{"type":"string","description_kind":"plain","optional":true},"relation_infra_rs_mcp_if_pol":{"type":"string","description_kind":"plain","optional":true},"relation_infra_rs_mon_if_infra_pol":{"type":"string","description_kind":"plain","optional":true},"relation_infra_rs_qos_dpp_if_pol":{"type":"string","description_kind":"plain","optional":true},"relation_infra_rs_qos_egress_dpp_if_pol":{"type":"string","description_kind":"plain","optional":true},"relation_infra_rs_qos_ingress_dpp_if_pol":{"type":"string","description_kind":"plain","optional":true},"relation_infra_rs_qos_pfc_if_pol":{"type":"string","description_kind":"plain","optional":true},"relation_infra_rs_qos_sd_if_pol":{"type":"string","description_kind":"plain","optional":true},"relation_infra_rs_span_v_dest_grp":{"type":["set","string"],"description_kind":"plain","optional":true},"relation_infra_rs_span_v_src_grp":{"type":["set","string"],"description_kind":"plain","optional":true},"relation_infra_rs_stormctrl_if_pol":{"type":"string","description_kind":"plain","optional":true},"relation_infra_rs_stp_if_pol":{"type":"string","description_kind":"plain","optional":true}},"block_types":{"relation_infra_rs_netflow_monitor_pol":{"nesting_mode":"set","block":{"attributes":{"flt_type":{"type":"string","description_kind":"plain","required":true},"target_dn":{"type":"string","description_kind":"plain","required":true}},"description_kind":"plain"}}},"description_kind":"plain"}},"aci_leaf_access_port_policy_group":{"version":1,"block":{"attributes":{"annotation":{"type":"string","description_kind":"plain","optional":true,"computed":true},"description":{"type":"string","description_kind":"plain","optional":true,"computed":true},"id":{"type":"string","description_kind":"plain","optional":true,"computed":true},"name":{"type":"string","description_kind":"plain","required":true},"name_alias":{"type":"string","description_kind":"plain","optional":true,"computed":true},"relation_infra_rs_att_ent_p":{"type":"string","description_kind":"plain","optional":true},"relation_infra_rs_cdp_if_pol":{"type":"string","description_kind":"plain","optional":true},"relation_infra_rs_copp_if_pol":{"type":"string","description_kind":"plain","optional":true},"relation_infra_rs_dwdm_if_pol":{"type":"string","description_kind":"plain","optional":true},"relation_infra_rs_fc_if_pol":{"type":"string","description_kind":"plain","optional":true},"relation_infra_rs_h_if_pol":{"type":"string","description_kind":"plain","optional":true},"relation_infra_rs_l2_if_pol":{"type":"string","description_kind":"plain","optional":true},"relation_infra_rs_l2_inst_pol":{"type":"string","description_kind":"plain","optional":true},"relation_infra_rs_l2_port_auth_pol":{"type":"string","description_kind":"plain","optional":true},"relation_infra_rs_l2_port_security_pol":{"type":"string","description_kind":"plain","optional":true},"relation_infra_rs_lldp_if_pol":{"type":"string","description_kind":"plain","optional":true},"relation_infra_rs_macsec_if_pol":{"type":"string","description_kind":"plain","optional":true},"relation_infra_rs_mcp_if_pol":{"type":"string","description_kind":"plain","optional":true},"relation_infra_rs_mon_if_infra_pol":{"type":"string","description_kind":"plain","optional":true},"relation_infra_rs_poe_if_pol":{"type":"string","description_kind":"plain","optional":true},"relation_infra_rs_qos_dpp_if_pol":{"type":"string","description_kind":"plain","optional":true},"relation_infra_rs_qos_egress_dpp_if_pol":{"type":"string","description_kind":"plain","optional":true},"relation_infra_rs_qos_ingress_dpp_if_pol":{"type":"string","description_kind":"plain","optional":true},"relation_infra_rs_qos_pfc_if_pol":{"type":"string","description_kind":"plain","optional":true},"relation_infra_rs_qos_sd_if_pol":{"type":"string","description_kind":"plain","optional":true},"relation_infra_rs_span_v_dest_grp":{"type":["set","string"],"description_kind":"plain","optional":true},"relation_infra_rs_span_v_src_grp":{"type":["set","string"],"description_kind":"plain","optional":true},"relation_infra_rs_stormctrl_if_pol":{"type":"string","description_kind":"plain","optional":true},"relation_infra_rs_stp_if_pol":{"type":"string","description_kind":"plain","optional":true}},"block_types":{"relation_infra_rs_netflow_monitor_pol":{"nesting_mode":"set","block":{"attributes":{"flt_type":{"type":"string","description_kind":"plain","required":true},"target_dn":{"type":"string","description_kind":"plain","required":true}},"description_kind":"plain"}}},"description_kind":"plain"}},"aci_leaf_breakout_port_group":{"version":1,"block":{"attributes":{"annotation":{"type":"string","description_kind":"plain","optional":true,"computed":true},"brkout_map":{"type":"string","description_kind":"plain","optional":true,"computed":true},"description":{"type":"string","description_kind":"plain","optional":true,"computed":true},"id":{"type":"string","description_kind":"plain","optional":true,"computed":true},"name":{"type":"string","description_kind":"plain","required":true},"name_alias":{"type":"string","description_kind":"plain","optional":true,"computed":true},"relation_infra_rs_mon_brkout_infra_pol":{"type":"string","description_kind":"plain","optional":true}},"description_kind":"plain"}},"aci_leaf_interface_profile":{"version":1,"block":{"attributes":{"annotation":{"type":"string","description_kind":"plain","optional":true,"computed":true},"description":{"type":"string","description_kind":"plain","optional":true,"computed":true},"id":{"type":"string","description_kind":"plain","optional":true,"computed":true},"name":{"type":"string","description_kind":"plain","required":true},"name_alias":{"type":"string","description_kind":"plain","optional":true,"computed":true}},"description_kind":"plain"}},"aci_leaf_profile":{"version":1,"block":{"attributes":{"annotation":{"type":"string","description_kind":"plain","optional":true,"computed":true},"description":{"type":"string","description_kind":"plain","optional":true,"computed":true},"id":{"type":"string","description_kind":"plain","optional":true,"computed":true},"leaf_selector_ids":{"type":["list","string"],"description_kind":"plain","optional":true,"computed":true},"name":{"type":"string","description_kind":"plain","required":true},"name_alias":{"type":"string","description_kind":"plain","optional":true,"computed":true},"node_block_ids":{"type":["list","string"],"description_kind":"plain","optional":true,"computed":true},"relation_infra_rs_acc_card_p":{"type":["set","string"],"description_kind":"plain","optional":true},"relation_infra_rs_acc_port_p":{"type":["set","string"],"description_kind":"plain","optional":true}},"block_types":{"leaf_selector":{"nesting_mode":"list","block":{"attributes":{"description":{"type":"string","description_kind":"plain","optional":true,"computed":true},"id":{"type":"string","description_kind":"plain","optional":true,"computed":true},"name":{"type":"string","description_kind":"plain","required":true},"switch_association_type":{"type":"string","description_kind":"plain","required":true}},"block_types":{"node_block":{"nesting_mode":"list","block":{"attributes":{"description":{"type":"string","description_kind":"plain","optional":true,"computed":true},"from_":{"type":"string","description_kind":"plain","optional":true,"computed":true},"id":{"type":"string","description_kind":"plain","optional":true,"computed":true},"name":{"type":"string","description_kind":"plain","required":true},"to_":{"type":"string","description_kind":"plain","optional":true,"computed":true}},"description_kind":"plain"}}},"description_kind":"plain"}}},"description_kind":"plain"}},"aci_leaf_selector":{"version":1,"block":{"attributes":{"annotation":{"type":"string","description_kind":"plain","optional":true,"computed":true},"description":{"type":"string","description_kind":"plain","optional":true,"computed":true},"id":{"type":"string","description_kind":"plain","optional":true,"computed":true},"leaf_profile_dn":{"type":"string","description_kind":"plain","required":true},"name":{"type":"string","description_kind":"plain","required":true},"name_alias":{"type":"string","description_kind":"plain","optional":true,"computed":true},"relation_infra_rs_acc_node_p_grp":{"type":"string","description_kind":"plain","optional":true},"switch_association_type":{"type":"string","description_kind":"plain","required":true}},"description_kind":"plain"}},"aci_lldp_interface_policy":{"version":1,"block":{"attributes":{"admin_rx_st":{"type":"string","description_kind":"plain","optional":true,"computed":true},"admin_tx_st":{"type":"string","description_kind":"plain","optional":true,"computed":true},"annotation":{"type":"string","description_kind":"plain","optional":true,"computed":true},"description":{"type":"string","description_kind":"plain","optional":true,"computed":true},"id":{"type":"string","description_kind":"plain","optional":true,"computed":true},"name":{"type":"string","description_kind":"plain","required":true},"name_alias":{"type":"string","description_kind":"plain","optional":true,"computed":true}},"description_kind":"plain"}},"aci_local_user":{"version":1,"block":{"attributes":{"account_status":{"type":"string","description_kind":"plain","optional":true,"computed":true},"annotation":{"type":"string","description_kind":"plain","optional":true,"computed":true},"cert_attribute":{"type":"string","description_kind":"plain","optional":true,"computed":true},"clear_pwd_history":{"type":"string","description_kind":"plain","optional":true,"computed":true},"description":{"type":"string","description_kind":"plain","optional":true,"computed":true},"email":{"type":"string","description_kind":"plain","optional":true,"computed":true},"expiration":{"type":"string","description_kind":"plain","optional":true,"computed":true},"expires":{"type":"string","description_kind":"plain","optional":true,"computed":true},"first_name":{"type":"string","description_kind":"plain","optional":true,"computed":true},"id":{"type":"string","description_kind":"plain","optional":true,"computed":true},"last_name":{"type":"string","description_kind":"plain","optional":true,"computed":true},"name":{"type":"string","description_kind":"plain","required":true},"name_alias":{"type":"string","description_kind":"plain","optional":true,"computed":true},"otpenable":{"type":"string","description_kind":"plain","optional":true,"computed":true},"otpkey":{"type":"string","description_kind":"plain","optional":true,"computed":true},"phone":{"type":"string","description_kind":"plain","optional":true,"computed":true},"pwd":{"type":"string","description_kind":"plain","optional":true,"computed":true},"pwd_life_time":{"type":"string","description_kind":"plain","optional":true,"computed":true},"pwd_update_required":{"type":"string","description_kind":"plain","optional":true,"computed":true},"rbac_string":{"type":"string","description_kind":"plain","optional":true,"computed":true},"unix_user_id":{"type":"string","description_kind":"plain","optional":true,"computed":true}},"description_kind":"plain"}},"aci_logical_device_context":{"version":1,"block":{"attributes":{"annotation":{"type":"string","description_kind":"plain","optional":true,"computed":true},"context":{"type":"string","description_kind":"plain","optional":true,"computed":true},"ctrct_name_or_lbl":{"type":"string","description_kind":"plain","required":true},"description":{"type":"string","description_kind":"plain","optional":true,"computed":true},"graph_name_or_lbl":{"type":"string","description_kind":"plain","required":true},"id":{"type":"string","description_kind":"plain","optional":true,"computed":true},"name_alias":{"type":"string","description_kind":"plain","optional":true,"computed":true},"node_name_or_lbl":{"type":"string","description_kind":"plain","required":true},"relation_vns_rs_l_dev_ctx_to_l_dev":{"type":"string","description_kind":"plain","optional":true},"relation_vns_rs_l_dev_ctx_to_rtr_cfg":{"type":"string","description_kind":"plain","optional":true},"tenant_dn":{"type":"string","description_kind":"plain","required":true}},"description_kind":"plain"}},"aci_logical_interface_context":{"version":1,"block":{"attributes":{"annotation":{"type":"string","description_kind":"plain","optional":true,"computed":true},"conn_name_or_lbl":{"type":"string","description_kind":"plain","required":true},"description":{"type":"string","description_kind":"plain","optional":true,"computed":true},"id":{"type":"string","description_kind":"plain","optional":true,"computed":true},"l3_dest":{"type":"string","description_kind":"plain","optional":true,"computed":true},"logical_device_context_dn":{"type":"string","description_kind":"plain","required":true},"name_alias":{"type":"string","description_kind":"plain","optional":true,"computed":true},"permit_log":{"type":"string","description_kind":"plain","optional":true,"computed":true},"relation_vns_rs_l_if_ctx_to_bd":{"type":"string","description_kind":"plain","optional":true},"relation_vns_rs_l_if_ctx_to_cust_qos_pol":{"type":"string","description_kind":"plain","optional":true},"relation_vns_rs_l_if_ctx_to_inst_p":{"type":"string","description_kind":"plain","optional":true},"relation_vns_rs_l_if_ctx_to_l_if":{"type":"string","description_kind":"plain","optional":true},"relation_vns_rs_l_if_ctx_to_out":{"type":"string","description_kind":"plain","optional":true},"relation_vns_rs_l_if_ctx_to_out_def":{"type":"string","description_kind":"plain","optional":true},"relation_vns_rs_l_if_ctx_to_svc_e_pg_pol":{"type":"string","description_kind":"plain","optional":true},"relation_vns_rs_l_if_ctx_to_svc_redirect_pol":{"type":"string","description_kind":"plain","optional":true}},"description_kind":"plain"}},"aci_logical_interface_profile":{"version":1,"block":{"attributes":{"annotation":{"type":"string","description_kind":"plain","optional":true,"computed":true},"description":{"type":"string","description_kind":"plain","optional":true,"computed":true},"id":{"type":"string","description_kind":"plain","optional":true,"computed":true},"logical_node_profile_dn":{"type":"string","description_kind":"plain","required":true},"name":{"type":"string","description_kind":"plain","required":true},"name_alias":{"type":"string","description_kind":"plain","optional":true,"computed":true},"prio":{"type":"string","description_kind":"plain","optional":true,"computed":true},"relation_l3ext_rs_arp_if_pol":{"type":"string","description_kind":"plain","optional":true},"relation_l3ext_rs_egress_qos_dpp_pol":{"type":"string","description_kind":"plain","optional":true},"relation_l3ext_rs_ingress_qos_dpp_pol":{"type":"string","description_kind":"plain","optional":true},"relation_l3ext_rs_l_if_p_cust_qos_pol":{"type":"string","description_kind":"plain","optional":true},"relation_l3ext_rs_nd_if_pol":{"type":"string","description_kind":"plain","optional":true},"tag":{"type":"string","description_kind":"plain","optional":true,"computed":true}},"block_types":{"relation_l3ext_rs_l_if_p_to_netflow_monitor_pol":{"nesting_mode":"set","block":{"attributes":{"flt_type":{"type":"string","description_kind":"plain","required":true},"tn_netflow_monitor_pol_name":{"type":"string","description_kind":"plain","required":true}},"description_kind":"plain"}}},"description_kind":"plain"}},"aci_logical_node_profile":{"version":1,"block":{"attributes":{"annotation":{"type":"string","description_kind":"plain","optional":true,"computed":true},"config_issues":{"type":"string","description_kind":"plain","optional":true,"computed":true},"description":{"type":"string","description_kind":"plain","optional":true,"computed":true},"id":{"type":"string","description_kind":"plain","optional":true,"computed":true},"l3_outside_dn":{"type":"string","description_kind":"plain","required":true},"name":{"type":"string","description_kind":"plain","required":true},"name_alias":{"type":"string","description_kind":"plain","optional":true,"computed":true},"tag":{"type":"string","description_kind":"plain","optional":true,"computed":true},"target_dscp":{"type":"string","description_kind":"plain","optional":true,"computed":true}},"description_kind":"plain"}},"aci_logical_node_to_fabric_node":{"version":1,"block":{"attributes":{"annotation":{"type":"string","description_kind":"plain","optional":true,"computed":true},"config_issues":{"type":"string","description_kind":"plain","optional":true,"computed":true},"description":{"type":"string","description_kind":"plain","optional":true,"computed":true},"id":{"type":"string","description_kind":"plain","optional":true,"computed":true},"logical_node_profile_dn":{"type":"string","description_kind":"plain","required":true},"rtr_id":{"type":"string","description_kind":"plain","optional":true,"computed":true},"rtr_id_loop_back":{"type":"string","description_kind":"plain","optional":true,"computed":true},"tdn":{"type":"string","description_kind":"plain","required":true}},"description_kind":"plain"}},"aci_maintenance_group_node":{"version":1,"block":{"attributes":{"annotation":{"type":"string","description_kind":"plain","optional":true,"computed":true},"description":{"type":"string","description_kind":"plain","optional":true,"computed":true},"from_":{"type":"string","description_kind":"plain","optional":true,"computed":true},"id":{"type":"string","description_kind":"plain","optional":true,"computed":true},"name":{"type":"string","description_kind":"plain","required":true},"name_alias":{"type":"string","description_kind":"plain","optional":true,"computed":true},"pod_maintenance_group_dn":{"type":"string","description_kind":"plain","required":true},"to_":{"type":"string","description_kind":"plain","optional":true,"computed":true}},"description_kind":"plain"}},"aci_maintenance_policy":{"version":1,"block":{"attributes":{"admin_st":{"type":"string","description_kind":"plain","optional":true,"computed":true},"annotation":{"type":"string","description_kind":"plain","optional":true,"computed":true},"description":{"type":"string","description_kind":"plain","optional":true,"computed":true},"graceful":{"type":"string","description_kind":"plain","optional":true,"computed":true},"id":{"type":"string","description_kind":"plain","optional":true,"computed":true},"ignore_compat":{"type":"string","description_kind":"plain","optional":true,"computed":true},"internal_label":{"type":"string","description_kind":"plain","optional":true,"computed":true},"name":{"type":"string","description_kind":"plain","required":true},"name_alias":{"type":"string","description_kind":"plain","optional":true,"computed":true},"notif_cond":{"type":"string","description_kind":"plain","optional":true,"computed":true},"relation_maint_rs_pol_notif":{"type":"string","description_kind":"plain","optional":true},"relation_maint_rs_pol_scheduler":{"type":"string","description_kind":"plain","optional":true},"relation_trig_rs_triggerable":{"type":"string","description_kind":"plain","optional":true},"run_mode":{"type":"string","description_kind":"plain","optional":true,"computed":true},"version":{"type":"string","description_kind":"plain","optional":true,"computed":true},"version_check_override":{"type":"string","description_kind":"plain","optional":true,"computed":true}},"description_kind":"plain"}},"aci_miscabling_protocol_interface_policy":{"version":1,"block":{"attributes":{"admin_st":{"type":"string","description_kind":"plain","optional":true,"computed":true},"annotation":{"type":"string","description_kind":"plain","optional":true,"computed":true},"description":{"type":"string","description_kind":"plain","optional":true,"computed":true},"id":{"type":"string","description_kind":"plain","optional":true,"computed":true},"name":{"type":"string","description_kind":"plain","required":true},"name_alias":{"type":"string","description_kind":"plain","optional":true,"computed":true}},"description_kind":"plain"}},"aci_monitoring_policy":{"version":1,"block":{"attributes":{"annotation":{"type":"string","description_kind":"plain","optional":true,"computed":true},"description":{"type":"string","description_kind":"plain","optional":true,"computed":true},"id":{"type":"string","description_kind":"plain","optional":true,"computed":true},"name":{"type":"string","description_kind":"plain","required":true},"name_alias":{"type":"string","description_kind":"plain","optional":true,"computed":true},"tenant_dn":{"type":"string","description_kind":"plain","required":true}},"description_kind":"plain"}},"aci_node_block":{"version":1,"block":{"attributes":{"annotation":{"type":"string","description_kind":"plain","optional":true,"computed":true},"description":{"type":"string","description_kind":"plain","optional":true,"computed":true},"from_":{"type":"string","description_kind":"plain","optional":true,"computed":true},"id":{"type":"string","description_kind":"plain","optional":true,"computed":true},"name":{"type":"string","description_kind":"plain","required":true},"name_alias":{"type":"string","description_kind":"plain","optional":true,"computed":true},"switch_association_dn":{"type":"string","description_kind":"plain","required":true},"to_":{"type":"string","description_kind":"plain","optional":true,"computed":true}},"description_kind":"plain"}},"aci_node_block_firmware":{"version":1,"block":{"attributes":{"annotation":{"type":"string","description_kind":"plain","optional":true,"computed":true},"description":{"type":"string","description_kind":"plain","optional":true,"computed":true},"firmware_group_dn":{"type":"string","description_kind":"plain","required":true},"from_":{"type":"string","description_kind":"plain","optional":true,"computed":true},"id":{"type":"string","description_kind":"plain","optional":true,"computed":true},"name":{"type":"string","description_kind":"plain","required":true},"name_alias":{"type":"string","description_kind":"plain","optional":true,"computed":true},"to_":{"type":"string","description_kind":"plain","optional":true,"computed":true}},"description_kind":"plain"}},"aci_node_mgmt_epg":{"version":1,"block":{"attributes":{"annotation":{"type":"string","description_kind":"plain","optional":true,"computed":true},"description":{"type":"string","description_kind":"plain","optional":true,"computed":true},"encap":{"type":"string","description_kind":"plain","optional":true,"computed":true},"exception_tag":{"type":"string","description_kind":"plain","optional":true,"computed":true},"flood_on_encap":{"type":"string","description_kind":"plain","optional":true,"computed":true},"id":{"type":"string","description_kind":"plain","optional":true,"computed":true},"management_profile_dn":{"type":"string","description_kind":"plain","optional":true},"match_t":{"type":"string","description_kind":"plain","optional":true,"computed":true},"name":{"type":"string","description_kind":"plain","required":true},"name_alias":{"type":"string","description_kind":"plain","optional":true,"computed":true},"pref_gr_memb":{"type":"string","description_kind":"plain","optional":true,"computed":true},"prio":{"type":"string","description_kind":"plain","optional":true,"computed":true},"relation_fv_rs_cons":{"type":["set","string"],"description_kind":"plain","optional":true},"relation_fv_rs_cons_if":{"type":["set","string"],"description_kind":"plain","optional":true},"relation_fv_rs_cust_qos_pol":{"type":"string","description_kind":"plain","optional":true},"relation_fv_rs_intra_epg":{"type":["set","string"],"description_kind":"plain","optional":true},"relation_fv_rs_prot_by":{"type":["set","string"],"description_kind":"plain","optional":true},"relation_fv_rs_prov":{"type":["set","string"],"description_kind":"plain","optional":true},"relation_fv_rs_sec_inherited":{"type":["set","string"],"description_kind":"plain","optional":true},"relation_mgmt_rs_in_b_st_node":{"type":["set","string"],"description_kind":"plain","optional":true},"relation_mgmt_rs_mgmt_bd":{"type":"string","description_kind":"plain","optional":true},"relation_mgmt_rs_oo_b_ctx":{"type":"string","description_kind":"plain","optional":true},"relation_mgmt_rs_oo_b_prov":{"type":["set","string"],"description_kind":"plain","optional":true},"relation_mgmt_rs_oo_b_st_node":{"type":["set","string"],"description_kind":"plain","optional":true},"type":{"type":"string","description_kind":"plain","required":true}},"description_kind":"plain"}},"aci_ospf_interface_policy":{"version":1,"block":{"attributes":{"annotation":{"type":"string","description_kind":"plain","optional":true,"computed":true},"cost":{"type":"string","description_kind":"plain","optional":true,"computed":true},"ctrl":{"type":["list","string"],"description_kind":"plain","optional":true,"computed":true},"dead_intvl":{"type":"string","description_kind":"plain","optional":true,"computed":true},"description":{"type":"string","description_kind":"plain","optional":true,"computed":true},"hello_intvl":{"type":"string","description_kind":"plain","optional":true,"computed":true},"id":{"type":"string","description_kind":"plain","optional":true,"computed":true},"name":{"type":"string","description_kind":"plain","required":true},"name_alias":{"type":"string","description_kind":"plain","optional":true,"computed":true},"nw_t":{"type":"string","description_kind":"plain","optional":true,"computed":true},"pfx_suppress":{"type":"string","description_kind":"plain","optional":true,"computed":true},"prio":{"type":"string","description_kind":"plain","optional":true,"computed":true},"rexmit_intvl":{"type":"string","description_kind":"plain","optional":true,"computed":true},"tenant_dn":{"type":"string","description_kind":"plain","required":true},"xmit_delay":{"type":"string","description_kind":"plain","optional":true,"computed":true}},"description_kind":"plain"}},"aci_ospf_route_summarization":{"version":1,"block":{"attributes":{"annotation":{"type":"string","description_kind":"plain","optional":true,"computed":true},"cost":{"type":"string","description_kind":"plain","optional":true,"computed":true},"description":{"type":"string","description_kind":"plain","optional":true,"computed":true},"id":{"type":"string","description_kind":"plain","optional":true,"computed":true},"inter_area_enabled":{"type":"string","description_kind":"plain","optional":true,"computed":true},"name":{"type":"string","description_kind":"plain","required":true},"name_alias":{"type":"string","description_kind":"plain","optional":true,"computed":true},"tag":{"type":"string","description_kind":"plain","optional":true,"computed":true},"tenant_dn":{"type":"string","description_kind":"plain","required":true}},"description_kind":"plain"}},"aci_ospf_timers":{"version":1,"block":{"attributes":{"annotation":{"type":"string","description_kind":"plain","optional":true,"computed":true},"bw_ref":{"type":"string","description_kind":"plain","optional":true,"computed":true},"ctrl":{"type":"string","description_kind":"plain","optional":true},"description":{"type":"string","description_kind":"plain","optional":true,"computed":true},"dist":{"type":"string","description_kind":"plain","optional":true,"computed":true},"gr_ctrl":{"type":"string","description_kind":"plain","optional":true},"id":{"type":"string","description_kind":"plain","optional":true,"computed":true},"lsa_arrival_intvl":{"type":"string","description_kind":"plain","optional":true,"computed":true},"lsa_gp_pacing_intvl":{"type":"string","description_kind":"plain","optional":true,"computed":true},"lsa_hold_intvl":{"type":"string","description_kind":"plain","optional":true,"computed":true},"lsa_max_intvl":{"type":"string","description_kind":"plain","optional":true,"computed":true},"lsa_start_intvl":{"type":"string","description_kind":"plain","optional":true,"computed":true},"max_ecmp":{"type":"string","description_kind":"plain","optional":true,"computed":true},"max_lsa_action":{"type":"string","description_kind":"plain","optional":true,"computed":true},"max_lsa_num":{"type":"string","description_kind":"plain","optional":true,"computed":true},"max_lsa_reset_intvl":{"type":"string","description_kind":"plain","optional":true,"computed":true},"max_lsa_sleep_cnt":{"type":"string","description_kind":"plain","optional":true,"computed":true},"max_lsa_sleep_intvl":{"type":"string","description_kind":"plain","optional":true,"computed":true},"max_lsa_thresh":{"type":"string","description_kind":"plain","optional":true,"computed":true},"name":{"type":"string","description_kind":"plain","required":true},"name_alias":{"type":"string","description_kind":"plain","optional":true,"computed":true},"spf_hold_intvl":{"type":"string","description_kind":"plain","optional":true,"computed":true},"spf_init_intvl":{"type":"string","description_kind":"plain","optional":true,"computed":true},"spf_max_intvl":{"type":"string","description_kind":"plain","optional":true,"computed":true},"tenant_dn":{"type":"string","description_kind":"plain","required":true}},"description_kind":"plain"}},"aci_physical_domain":{"version":1,"block":{"attributes":{"annotation":{"type":"string","description_kind":"plain","optional":true},"id":{"type":"string","description_kind":"plain","optional":true,"computed":true},"name":{"type":"string","description_kind":"plain","required":true},"name_alias":{"type":"string","description_kind":"plain","optional":true,"computed":true},"relation_infra_rs_dom_vxlan_ns_def":{"type":"string","description_kind":"plain","optional":true},"relation_infra_rs_vip_addr_ns":{"type":"string","description_kind":"plain","optional":true},"relation_infra_rs_vlan_ns":{"type":"string","description_kind":"plain","optional":true},"relation_infra_rs_vlan_ns_def":{"type":"string","description_kind":"plain","optional":true}},"description_kind":"plain"}},"aci_pod_maintenance_group":{"version":1,"block":{"attributes":{"annotation":{"type":"string","description_kind":"plain","optional":true,"computed":true},"description":{"type":"string","description_kind":"plain","optional":true,"computed":true},"fwtype":{"type":"string","description_kind":"plain","optional":true,"computed":true},"id":{"type":"string","description_kind":"plain","optional":true,"computed":true},"name":{"type":"string","description_kind":"plain","required":true},"name_alias":{"type":"string","description_kind":"plain","optional":true,"computed":true},"pod_maintenance_group_type":{"type":"string","description_kind":"plain","optional":true,"computed":true},"relation_maint_rs_mgrpp":{"type":"string","description_kind":"plain","optional":true}},"description_kind":"plain"}},"aci_port_security_policy":{"version":1,"block":{"attributes":{"annotation":{"type":"string","description_kind":"plain","optional":true,"computed":true},"description":{"type":"string","description_kind":"plain","optional":true,"computed":true},"id":{"type":"string","description_kind":"plain","optional":true,"computed":true},"maximum":{"type":"string","description_kind":"plain","optional":true,"computed":true},"name":{"type":"string","description_kind":"plain","required":true},"name_alias":{"type":"string","description_kind":"plain","optional":true,"computed":true},"timeout":{"type":"string","description_kind":"plain","optional":true,"computed":true},"violation":{"type":"string","description_kind":"plain","optional":true,"computed":true}},"description_kind":"plain"}},"aci_ranges":{"version":1,"block":{"attributes":{"alloc_mode":{"type":"string","description_kind":"plain","optional":true,"computed":true},"annotation":{"type":"string","description_kind":"plain","optional":true,"computed":true},"description":{"type":"string","description_kind":"plain","optional":true,"computed":true},"from":{"type":"string","description_kind":"plain","required":true},"id":{"type":"string","description_kind":"plain","optional":true,"computed":true},"name_alias":{"type":"string","description_kind":"plain","optional":true,"computed":true},"role":{"type":"string","description_kind":"plain","optional":true,"computed":true},"to":{"type":"string","description_kind":"plain","required":true},"vlan_pool_dn":{"type":"string","description_kind":"plain","required":true}},"description_kind":"plain"}},"aci_rest":{"version":1,"block":{"attributes":{"class_name":{"type":"string","description_kind":"plain","optional":true,"computed":true},"content":{"type":["map","string"],"description_kind":"plain","optional":true},"dn":{"type":"string","description_kind":"plain","computed":true},"id":{"type":"string","description_kind":"plain","optional":true,"computed":true},"path":{"type":"string","description_kind":"plain","required":true},"payload":{"type":"string","description_kind":"plain","optional":true}},"description_kind":"plain"}},"aci_service_redirect_policy":{"version":1,"block":{"attributes":{"annotation":{"type":"string","description_kind":"plain","optional":true,"computed":true},"anycast_enabled":{"type":"string","description_kind":"plain","optional":true,"computed":true},"description":{"type":"string","description_kind":"plain","optional":true,"computed":true},"dest_type":{"type":"string","description_kind":"plain","optional":true,"computed":true},"hashing_algorithm":{"type":"string","description_kind":"plain","optional":true,"computed":true},"id":{"type":"string","description_kind":"plain","optional":true,"computed":true},"max_threshold_percent":{"type":"string","description_kind":"plain","optional":true,"computed":true},"min_threshold_percent":{"type":"string","description_kind":"plain","optional":true,"computed":true},"name":{"type":"string","description_kind":"plain","required":true},"name_alias":{"type":"string","description_kind":"plain","optional":true,"computed":true},"program_local_pod_only":{"type":"string","description_kind":"plain","optional":true,"computed":true},"relation_vns_rs_ipsla_monitoring_pol":{"type":"string","description_kind":"plain","optional":true},"resilient_hash_enabled":{"type":"string","description_kind":"plain","optional":true,"computed":true},"tenant_dn":{"type":"string","description_kind":"plain","required":true},"threshold_down_action":{"type":"string","description_kind":"plain","optional":true,"computed":true},"threshold_enable":{"type":"string","description_kind":"plain","optional":true,"computed":true}},"description_kind":"plain"}},"aci_span_destination_group":{"version":1,"block":{"attributes":{"annotation":{"type":"string","description_kind":"plain","optional":true,"computed":true},"description":{"type":"string","description_kind":"plain","optional":true,"computed":true},"id":{"type":"string","description_kind":"plain","optional":true,"computed":true},"name":{"type":"string","description_kind":"plain","required":true},"name_alias":{"type":"string","description_kind":"plain","optional":true,"computed":true},"tenant_dn":{"type":"string","description_kind":"plain","required":true}},"description_kind":"plain"}},"aci_span_source_group":{"version":1,"block":{"attributes":{"admin_st":{"type":"string","description_kind":"plain","optional":true,"computed":true},"annotation":{"type":"string","description_kind":"plain","optional":true,"computed":true},"description":{"type":"string","description_kind":"plain","optional":true,"computed":true},"id":{"type":"string","description_kind":"plain","optional":true,"computed":true},"name":{"type":"string","description_kind":"plain","required":true},"name_alias":{"type":"string","description_kind":"plain","optional":true,"computed":true},"relation_span_rs_src_grp_to_filter_grp":{"type":"string","description_kind":"plain","optional":true},"tenant_dn":{"type":"string","description_kind":"plain","required":true}},"description_kind":"plain"}},"aci_span_sourcedestination_group_match_label":{"version":1,"block":{"attributes":{"annotation":{"type":"string","description_kind":"plain","optional":true,"computed":true},"description":{"type":"string","description_kind":"plain","optional":true,"computed":true},"id":{"type":"string","description_kind":"plain","optional":true,"computed":true},"name":{"type":"string","description_kind":"plain","required":true},"name_alias":{"type":"string","description_kind":"plain","optional":true,"computed":true},"span_source_group_dn":{"type":"string","description_kind":"plain","required":true},"tag":{"type":"string","description_kind":"plain","optional":true,"computed":true}},"description_kind":"plain"}},"aci_spanning_tree_interface_policy":{"version":1,"block":{"attributes":{"annotation":{"type":"string","description_kind":"plain","optional":true,"computed":true},"ctrl":{"type":["list","string"],"description_kind":"plain","optional":true,"computed":true},"description":{"type":"string","description_kind":"plain","optional":true,"computed":true},"id":{"type":"string","description_kind":"plain","optional":true,"computed":true},"name":{"type":"string","description_kind":"plain","required":true},"name_alias":{"type":"string","description_kind":"plain","optional":true,"computed":true}},"description_kind":"plain"}},"aci_spine_interface_profile":{"version":1,"block":{"attributes":{"annotation":{"type":"string","description_kind":"plain","optional":true,"computed":true},"description":{"type":"string","description_kind":"plain","optional":true,"computed":true},"id":{"type":"string","description_kind":"plain","optional":true,"computed":true},"name":{"type":"string","description_kind":"plain","required":true},"name_alias":{"type":"string","description_kind":"plain","optional":true,"computed":true}},"description_kind":"plain"}},"aci_spine_port_policy_group":{"version":1,"block":{"attributes":{"annotation":{"type":"string","description_kind":"plain","optional":true,"computed":true},"description":{"type":"string","description_kind":"plain","optional":true,"computed":true},"id":{"type":"string","description_kind":"plain","optional":true,"computed":true},"name":{"type":"string","description_kind":"plain","required":true},"name_alias":{"type":"string","description_kind":"plain","optional":true,"computed":true},"relation_infra_rs_att_ent_p":{"type":"string","description_kind":"plain","optional":true,"computed":true},"relation_infra_rs_cdp_if_pol":{"type":"string","description_kind":"plain","optional":true,"computed":true},"relation_infra_rs_copp_if_pol":{"type":"string","description_kind":"plain","optional":true,"computed":true},"relation_infra_rs_h_if_pol":{"type":"string","description_kind":"plain","optional":true,"computed":true},"relation_infra_rs_macsec_if_pol":{"type":"string","description_kind":"plain","optional":true,"computed":true}},"description_kind":"plain"}},"aci_spine_port_selector":{"version":1,"block":{"attributes":{"annotation":{"type":"string","description_kind":"plain","optional":true,"computed":true},"id":{"type":"string","description_kind":"plain","optional":true,"computed":true},"spine_profile_dn":{"type":"string","description_kind":"plain","required":true},"tdn":{"type":"string","description_kind":"plain","required":true}},"description_kind":"plain"}},"aci_spine_profile":{"version":1,"block":{"attributes":{"annotation":{"type":"string","description_kind":"plain","optional":true,"computed":true},"description":{"type":"string","description_kind":"plain","optional":true,"computed":true},"id":{"type":"string","description_kind":"plain","optional":true,"computed":true},"name":{"type":"string","description_kind":"plain","required":true},"name_alias":{"type":"string","description_kind":"plain","optional":true,"computed":true},"relation_infra_rs_sp_acc_port_p":{"type":["set","string"],"description_kind":"plain","optional":true,"computed":true}},"description_kind":"plain"}},"aci_spine_switch_association":{"version":1,"block":{"attributes":{"annotation":{"type":"string","description_kind":"plain","optional":true,"computed":true},"description":{"type":"string","description_kind":"plain","optional":true,"computed":true},"id":{"type":"string","description_kind":"plain","optional":true,"computed":true},"name":{"type":"string","description_kind":"plain","required":true},"name_alias":{"type":"string","description_kind":"plain","optional":true,"computed":true},"relation_infra_rs_spine_acc_node_p_grp":{"type":"string","description_kind":"plain","optional":true,"computed":true},"spine_profile_dn":{"type":"string","description_kind":"plain","required":true},"spine_switch_association_type":{"type":"string","description_kind":"plain","required":true}},"description_kind":"plain"}},"aci_static_node_mgmt_address":{"version":1,"block":{"attributes":{"addr":{"type":"string","description_kind":"plain","optional":true,"computed":true},"annotation":{"type":"string","description_kind":"plain","optional":true,"computed":true},"description":{"type":"string","description_kind":"plain","optional":true,"computed":true},"gw":{"type":"string","description_kind":"plain","optional":true,"computed":true},"id":{"type":"string","description_kind":"plain","optional":true,"computed":true},"management_epg_dn":{"type":"string","description_kind":"plain","required":true},"t_dn":{"type":"string","description_kind":"plain","required":true},"type":{"type":"string","description_kind":"plain","required":true},"v6_addr":{"type":"string","description_kind":"plain","optional":true,"computed":true},"v6_gw":{"type":"string","description_kind":"plain","optional":true,"computed":true}},"description_kind":"plain"}},"aci_subnet":{"version":1,"block":{"attributes":{"annotation":{"type":"string","description_kind":"plain","optional":true,"computed":true},"ctrl":{"type":["list","string"],"description_kind":"plain","optional":true,"computed":true},"description":{"type":"string","description_kind":"plain","optional":true,"computed":true},"id":{"type":"string","description_kind":"plain","optional":true,"computed":true},"ip":{"type":"string","description_kind":"plain","required":true},"name_alias":{"type":"string","description_kind":"plain","optional":true,"computed":true},"parent_dn":{"type":"string","description_kind":"plain","required":true},"preferred":{"type":"string","description_kind":"plain","optional":true,"computed":true},"relation_fv_rs_bd_subnet_to_out":{"type":["set","string"],"description_kind":"plain","optional":true},"relation_fv_rs_bd_subnet_to_profile":{"type":"string","description_kind":"plain","optional":true},"relation_fv_rs_nd_pfx_pol":{"type":"string","description_kind":"plain","optional":true},"scope":{"type":["list","string"],"description_kind":"plain","optional":true,"computed":true},"virtual":{"type":"string","description_kind":"plain","optional":true,"computed":true}},"description_kind":"plain"}},"aci_taboo_contract":{"version":1,"block":{"attributes":{"annotation":{"type":"string","description_kind":"plain","optional":true,"computed":true},"description":{"type":"string","description_kind":"plain","optional":true,"computed":true},"id":{"type":"string","description_kind":"plain","optional":true,"computed":true},"name":{"type":"string","description_kind":"plain","required":true},"name_alias":{"type":"string","description_kind":"plain","optional":true,"computed":true},"tenant_dn":{"type":"string","description_kind":"plain","required":true}},"description_kind":"plain"}},"aci_tenant":{"version":1,"block":{"attributes":{"annotation":{"type":"string","description_kind":"plain","optional":true,"computed":true},"description":{"type":"string","description_kind":"plain","optional":true,"computed":true},"id":{"type":"string","description_kind":"plain","optional":true,"computed":true},"name":{"type":"string","description_kind":"plain","required":true},"name_alias":{"type":"string","description_kind":"plain","optional":true,"computed":true},"relation_fv_rs_tenant_mon_pol":{"type":"string","description_kind":"plain","optional":true},"relation_fv_rs_tn_deny_rule":{"type":["set","string"],"description_kind":"plain","optional":true}},"description_kind":"plain"}},"aci_trigger_scheduler":{"version":1,"block":{"attributes":{"annotation":{"type":"string","description_kind":"plain","optional":true,"computed":true},"description":{"type":"string","description_kind":"plain","optional":true,"computed":true},"id":{"type":"string","description_kind":"plain","optional":true,"computed":true},"name":{"type":"string","description_kind":"plain","required":true},"name_alias":{"type":"string","description_kind":"plain","optional":true,"computed":true}},"description_kind":"plain"}},"aci_vlan_encapsulationfor_vxlan_traffic":{"version":1,"block":{"attributes":{"annotation":{"type":"string","description_kind":"plain","optional":true,"computed":true},"attachable_access_entity_profile_dn":{"type":"string","description_kind":"plain","required":true},"description":{"type":"string","description_kind":"plain","optional":true,"computed":true},"id":{"type":"string","description_kind":"plain","optional":true,"computed":true},"name_alias":{"type":"string","description_kind":"plain","optional":true,"computed":true}},"description_kind":"plain"}},"aci_vlan_pool":{"version":1,"block":{"attributes":{"alloc_mode":{"type":"string","description_kind":"plain","required":true},"annotation":{"type":"string","description_kind":"plain","optional":true,"computed":true},"description":{"type":"string","description_kind":"plain","optional":true,"computed":true},"id":{"type":"string","description_kind":"plain","optional":true,"computed":true},"name":{"type":"string","description_kind":"plain","required":true},"name_alias":{"type":"string","description_kind":"plain","optional":true,"computed":true}},"description_kind":"plain"}},"aci_vmm_controller":{"version":1,"block":{"attributes":{"annotation":{"type":"string","description_kind":"plain","optional":true,"computed":true},"dvs_version":{"type":"string","description_kind":"plain","optional":true,"computed":true},"host_or_ip":{"type":"string","description_kind":"plain","required":true},"id":{"type":"string","description_kind":"plain","optional":true,"computed":true},"inventory_trig_st":{"type":"string","description_kind":"plain","optional":true,"computed":true},"mode":{"type":"string","description_kind":"plain","optional":true,"computed":true},"msft_config_err_msg":{"type":"string","description_kind":"plain","optional":true,"computed":true},"msft_config_issues":{"type":["list","string"],"description_kind":"plain","optional":true,"computed":true},"n1kv_stats_mode":{"type":"string","description_kind":"plain","optional":true,"computed":true},"name":{"type":"string","description_kind":"plain","required":true},"name_alias":{"type":"string","description_kind":"plain","optional":true,"computed":true},"port":{"type":"string","description_kind":"plain","optional":true,"computed":true},"relation_vmm_rs_acc":{"type":"string","description":"Create relation to vmm:UsrAccP","description_kind":"plain","optional":true},"relation_vmm_rs_ctrlr_p_mon_pol":{"type":"string","description":"Create relation to mon:InfraPol","description_kind":"plain","optional":true},"relation_vmm_rs_mcast_addr_ns":{"type":"string","description":"Create relation to fvns:McastAddrInstP","description_kind":"plain","optional":true},"relation_vmm_rs_mgmt_e_pg":{"type":"string","description":"Create relation to fv:EPg","description_kind":"plain","optional":true},"relation_vmm_rs_to_ext_dev_mgr":{"type":["set","string"],"description":"Create relation to extdev:MgrP","description_kind":"plain","optional":true},"relation_vmm_rs_vxlan_ns":{"type":"string","description":"Create relation to fvns:VxlanInstP","description_kind":"plain","optional":true},"relation_vmm_rs_vxlan_ns_def":{"type":"string","description":"Create relation to fvns:AInstP","description_kind":"plain","optional":true},"root_cont_name":{"type":"string","description_kind":"plain","required":true},"scope":{"type":"string","description_kind":"plain","optional":true,"computed":true},"seq_num":{"type":"string","description_kind":"plain","optional":true,"computed":true},"stats_mode":{"type":"string","description_kind":"plain","optional":true,"computed":true},"vmm_domain_dn":{"type":"string","description_kind":"plain","required":true},"vxlan_depl_pref":{"type":"string","description_kind":"plain","optional":true,"computed":true}},"block_types":{"relation_vmm_rs_vmm_ctrlr_p":{"nesting_mode":"set","block":{"attributes":{"epg_depl_pref":{"type":"string","description_kind":"plain","optional":true},"target_dn":{"type":"string","description_kind":"plain","required":true}},"description":"Create relation to vmmCtrlrP","description_kind":"plain"}}},"description_kind":"plain"}},"aci_vmm_credential":{"version":1,"block":{"attributes":{"annotation":{"type":"string","description_kind":"plain","optional":true,"computed":true},"description":{"type":"string","description_kind":"plain","optional":true,"computed":true},"id":{"type":"string","description_kind":"plain","optional":true,"computed":true},"name":{"type":"string","description_kind":"plain","required":true},"name_alias":{"type":"string","description_kind":"plain","optional":true,"computed":true},"pwd":{"type":"string","description_kind":"plain","optional":true,"computed":true},"usr":{"type":"string","description_kind":"plain","optional":true,"computed":true},"vmm_domain_dn":{"type":"string","description_kind":"plain","required":true}},"description_kind":"plain"}},"aci_vmm_domain":{"version":1,"block":{"attributes":{"access_mode":{"type":"string","description_kind":"plain","optional":true,"computed":true},"annotation":{"type":"string","description_kind":"plain","optional":true},"arp_learning":{"type":"string","description_kind":"plain","optional":true,"computed":true},"ave_time_out":{"type":"string","description_kind":"plain","optional":true,"computed":true},"config_infra_pg":{"type":"string","description_kind":"plain","optional":true,"computed":true},"ctrl_knob":{"type":"string","description_kind":"plain","optional":true,"computed":true},"delimiter":{"type":"string","description_kind":"plain","optional":true,"computed":true},"enable_ave":{"type":"string","description_kind":"plain","optional":true,"computed":true},"enable_tag":{"type":"string","description_kind":"plain","optional":true,"computed":true},"encap_mode":{"type":"string","description_kind":"plain","optional":true,"computed":true},"enf_pref":{"type":"string","description_kind":"plain","optional":true,"computed":true},"ep_inventory_type":{"type":"string","description_kind":"plain","optional":true,"computed":true},"ep_ret_time":{"type":"string","description_kind":"plain","optional":true,"computed":true},"hv_avail_monitor":{"type":"string","description_kind":"plain","optional":true,"computed":true},"id":{"type":"string","description_kind":"plain","optional":true,"computed":true},"mcast_addr":{"type":"string","description_kind":"plain","optional":true,"computed":true},"mode":{"type":"string","description_kind":"plain","optional":true,"computed":true},"name":{"type":"string","description_kind":"plain","required":true},"name_alias":{"type":"string","description_kind":"plain","optional":true,"computed":true},"pref_encap_mode":{"type":"string","description_kind":"plain","optional":true,"computed":true},"provider_profile_dn":{"type":"string","description_kind":"plain","required":true},"relation_infra_rs_dom_vxlan_ns_def":{"type":"string","description_kind":"plain","optional":true},"relation_infra_rs_vip_addr_ns":{"type":"string","description_kind":"plain","optional":true},"relation_infra_rs_vlan_ns":{"type":"string","description_kind":"plain","optional":true},"relation_infra_rs_vlan_ns_def":{"type":"string","description_kind":"plain","optional":true},"relation_vmm_rs_default_cdp_if_pol":{"type":"string","description_kind":"plain","optional":true},"relation_vmm_rs_default_fw_pol":{"type":"string","description_kind":"plain","optional":true},"relation_vmm_rs_default_l2_inst_pol":{"type":"string","description_kind":"plain","optional":true},"relation_vmm_rs_default_lacp_lag_pol":{"type":"string","description_kind":"plain","optional":true},"relation_vmm_rs_default_lldp_if_pol":{"type":"string","description_kind":"plain","optional":true},"relation_vmm_rs_default_stp_if_pol":{"type":"string","description_kind":"plain","optional":true},"relation_vmm_rs_dom_mcast_addr_ns":{"type":"string","description_kind":"plain","optional":true},"relation_vmm_rs_pref_enhanced_lag_pol":{"type":"string","description_kind":"plain","optional":true}},"description_kind":"plain"}},"aci_vpc_explicit_protection_group":{"version":1,"block":{"attributes":{"annotation":{"type":"string","description_kind":"plain","optional":true},"id":{"type":"string","description_kind":"plain","optional":true,"computed":true},"name":{"type":"string","description_kind":"plain","required":true},"switch1":{"type":"string","description_kind":"plain","required":true},"switch2":{"type":"string","description_kind":"plain","required":true},"vpc_domain_policy":{"type":"string","description_kind":"plain","optional":true,"computed":true},"vpc_explicit_protection_group_id":{"type":"string","description_kind":"plain","optional":true,"computed":true}},"description_kind":"plain"}},"aci_vrf":{"version":1,"block":{"attributes":{"annotation":{"type":"string","description_kind":"plain","optional":true,"computed":true},"bd_enforced_enable":{"type":"string","description_kind":"plain","optional":true,"computed":true},"description":{"type":"string","description_kind":"plain","optional":true,"computed":true},"id":{"type":"string","description_kind":"plain","optional":true,"computed":true},"ip_data_plane_learning":{"type":"string","description_kind":"plain","optional":true,"computed":true},"knw_mcast_act":{"type":"string","description_kind":"plain","optional":true,"computed":true},"name":{"type":"string","description_kind":"plain","required":true},"name_alias":{"type":"string","description_kind":"plain","optional":true,"computed":true},"pc_enf_dir":{"type":"string","description_kind":"plain","optional":true,"computed":true},"pc_enf_pref":{"type":"string","description_kind":"plain","optional":true,"computed":true},"relation_fv_rs_bgp_ctx_pol":{"type":"string","description_kind":"plain","optional":true},"relation_fv_rs_ctx_mcast_to":{"type":["set","string"],"description_kind":"plain","optional":true},"relation_fv_rs_ctx_mon_pol":{"type":"string","description_kind":"plain","optional":true},"relation_fv_rs_ctx_to_ep_ret":{"type":"string","description_kind":"plain","optional":true},"relation_fv_rs_ctx_to_ext_route_tag_pol":{"type":"string","description_kind":"plain","optional":true},"relation_fv_rs_ospf_ctx_pol":{"type":"string","description_kind":"plain","optional":true},"relation_fv_rs_vrf_validation_pol":{"type":"string","description_kind":"plain","optional":true},"tenant_dn":{"type":"string","description_kind":"plain","required":true}},"block_types":{"relation_fv_rs_ctx_to_bgp_ctx_af_pol":{"nesting_mode":"set","block":{"attributes":{"af":{"type":"string","description_kind":"plain","required":true},"tn_bgp_ctx_af_pol_name":{"type":"string","description_kind":"plain","required":true}},"description_kind":"plain"}},"relation_fv_rs_ctx_to_eigrp_ctx_af_pol":{"nesting_mode":"set","block":{"attributes":{"af":{"type":"string","description_kind":"plain","required":true},"tn_eigrp_ctx_af_pol_name":{"type":"string","description_kind":"plain","required":true}},"description_kind":"plain"}},"relation_fv_rs_ctx_to_ospf_ctx_pol":{"nesting_mode":"set","block":{"attributes":{"af":{"type":"string","description_kind":"plain","required":true},"tn_ospf_ctx_pol_name":{"type":"string","description_kind":"plain","required":true}},"description_kind":"plain"}}},"description_kind":"plain"}},"aci_vsan_pool":{"version":1,"block":{"attributes":{"alloc_mode":{"type":"string","description_kind":"plain","required":true},"annotation":{"type":"string","description_kind":"plain","optional":true,"computed":true},"description":{"type":"string","description_kind":"plain","optional":true,"computed":true},"id":{"type":"string","description_kind":"plain","optional":true,"computed":true},"name":{"type":"string","description_kind":"plain","required":true},"name_alias":{"type":"string","description_kind":"plain","optional":true,"computed":true}},"description_kind":"plain"}},"aci_vswitch_policy":{"version":1,"block":{"attributes":{"annotation":{"type":"string","description_kind":"plain","optional":true,"computed":true},"description":{"type":"string","description_kind":"plain","optional":true,"computed":true},"id":{"type":"string","description_kind":"plain","optional":true,"computed":true},"name_alias":{"type":"string","description_kind":"plain","optional":true,"computed":true},"relation_vmm_rs_vswitch_override_cdp_if_pol":{"type":"string","description":"Create relation to cdp:IfPol","description_kind":"plain","optional":true},"relation_vmm_rs_vswitch_override_fw_pol":{"type":"string","description":"Create relation to nws:FwPol","description_kind":"plain","optional":true},"relation_vmm_rs_vswitch_override_lacp_pol":{"type":"string","description":"Create relation to lacp:LagPol","description_kind":"plain","optional":true},"relation_vmm_rs_vswitch_override_lldp_if_pol":{"type":"string","description":"Create relation to lldp:IfPol","description_kind":"plain","optional":true},"relation_vmm_rs_vswitch_override_mcp_if_pol":{"type":"string","description":"Create relation to mcp:IfPol","description_kind":"plain","optional":true},"relation_vmm_rs_vswitch_override_mtu_pol":{"type":"string","description":"Create relation to l2:InstPol","description_kind":"plain","optional":true},"relation_vmm_rs_vswitch_override_stp_pol":{"type":"string","description":"Create relation to stp:IfPol","description_kind":"plain","optional":true},"vmm_domain_dn":{"type":"string","description_kind":"plain","required":true}},"block_types":{"relation_vmm_rs_vswitch_exporter_pol":{"nesting_mode":"set","block":{"attributes":{"active_flow_time_out":{"type":"string","description_kind":"plain","optional":true},"idle_flow_time_out":{"type":"string","description_kind":"plain","optional":true},"sampling_rate":{"type":"string","description_kind":"plain","optional":true},"target_dn":{"type":"string","description_kind":"plain","required":true}},"description":"Create relation to netflowVmmExporterPol","description_kind":"plain"}}},"description_kind":"plain"}},"aci_vxlan_pool":{"version":1,"block":{"attributes":{"annotation":{"type":"string","description_kind":"plain","optional":true,"computed":true},"description":{"type":"string","description_kind":"plain","optional":true,"computed":true},"id":{"type":"string","description_kind":"plain","optional":true,"computed":true},"name":{"type":"string","description_kind":"plain","required":true},"name_alias":{"type":"string","description_kind":"plain","optional":true,"computed":true}},"description_kind":"plain"}},"aci_x509_certificate":{"version":1,"block":{"attributes":{"annotation":{"type":"string","description_kind":"plain","optional":true,"computed":true},"data":{"type":"string","description_kind":"plain","required":true},"description":{"type":"string","description_kind":"plain","optional":true,"computed":true},"id":{"type":"string","description_kind":"plain","optional":true,"computed":true},"local_user_dn":{"type":"string","description_kind":"plain","required":true},"name":{"type":"string","description_kind":"plain","required":true},"name_alias":{"type":"string","description_kind":"plain","optional":true,"computed":true}},"description_kind":"plain"}}},"data_source_schemas":{"aci_aaa_domain":{"version":1,"block":{"attributes":{"annotation":{"type":"string","description_kind":"plain","optional":true,"computed":true},"description":{"type":"string","description_kind":"plain","optional":true,"computed":true},"id":{"type":"string","description_kind":"plain","optional":true,"computed":true},"name":{"type":"string","description_kind":"plain","required":true},"name_alias":{"type":"string","description_kind":"plain","optional":true,"computed":true}},"description_kind":"plain"}},"aci_access_generic":{"version":1,"block":{"attributes":{"annotation":{"type":"string","description_kind":"plain","optional":true,"computed":true},"attachable_access_entity_profile_dn":{"type":"string","description_kind":"plain","required":true},"description":{"type":"string","description_kind":"plain","optional":true,"computed":true},"id":{"type":"string","description_kind":"plain","optional":true,"computed":true},"name":{"type":"string","description_kind":"plain","required":true},"name_alias":{"type":"string","description_kind":"plain","optional":true,"computed":true}},"description_kind":"plain"}},"aci_access_group":{"version":1,"block":{"attributes":{"access_port_selector_dn":{"type":"string","description_kind":"plain","required":true},"annotation":{"type":"string","description_kind":"plain","optional":true,"computed":true},"fex_id":{"type":"string","description_kind":"plain","optional":true,"computed":true},"id":{"type":"string","description_kind":"plain","optional":true,"computed":true},"tdn":{"type":"string","description_kind":"plain","optional":true,"computed":true}},"description_kind":"plain"}},"aci_access_port_block":{"version":1,"block":{"attributes":{"access_port_selector_dn":{"type":"string","description_kind":"plain","required":true},"annotation":{"type":"string","description_kind":"plain","optional":true,"computed":true},"description":{"type":"string","description_kind":"plain","optional":true,"computed":true},"from_card":{"type":"string","description_kind":"plain","optional":true,"computed":true},"from_port":{"type":"string","description_kind":"plain","optional":true,"computed":true},"id":{"type":"string","description_kind":"plain","optional":true,"computed":true},"name":{"type":"string","description_kind":"plain","required":true},"name_alias":{"type":"string","description_kind":"plain","optional":true,"computed":true},"to_card":{"type":"string","description_kind":"plain","optional":true,"computed":true},"to_port":{"type":"string","description_kind":"plain","optional":true,"computed":true}},"description_kind":"plain"}},"aci_access_port_selector":{"version":1,"block":{"attributes":{"access_port_selector_type":{"type":"string","description_kind":"plain","required":true},"annotation":{"type":"string","description_kind":"plain","optional":true,"computed":true},"description":{"type":"string","description_kind":"plain","optional":true,"computed":true},"id":{"type":"string","description_kind":"plain","optional":true,"computed":true},"leaf_interface_profile_dn":{"type":"string","description_kind":"plain","required":true},"name":{"type":"string","description_kind":"plain","required":true},"name_alias":{"type":"string","description_kind":"plain","optional":true,"computed":true}},"description_kind":"plain"}},"aci_access_sub_port_block":{"version":1,"block":{"attributes":{"access_port_selector_dn":{"type":"string","description_kind":"plain","required":true},"annotation":{"type":"string","description_kind":"plain","optional":true,"computed":true},"description":{"type":"string","description_kind":"plain","optional":true,"computed":true},"from_card":{"type":"string","description_kind":"plain","optional":true,"computed":true},"from_port":{"type":"string","description_kind":"plain","optional":true,"computed":true},"from_sub_port":{"type":"string","description_kind":"plain","optional":true,"computed":true},"id":{"type":"string","description_kind":"plain","optional":true,"computed":true},"name":{"type":"string","description_kind":"plain","required":true},"name_alias":{"type":"string","description_kind":"plain","optional":true,"computed":true},"to_card":{"type":"string","description_kind":"plain","optional":true,"computed":true},"to_port":{"type":"string","description_kind":"plain","optional":true,"computed":true},"to_sub_port":{"type":"string","description_kind":"plain","optional":true,"computed":true}},"description_kind":"plain"}},"aci_action_rule_profile":{"version":1,"block":{"attributes":{"annotation":{"type":"string","description_kind":"plain","optional":true,"computed":true},"description":{"type":"string","description_kind":"plain","optional":true,"computed":true},"id":{"type":"string","description_kind":"plain","optional":true,"computed":true},"name":{"type":"string","description_kind":"plain","required":true},"name_alias":{"type":"string","description_kind":"plain","optional":true,"computed":true},"tenant_dn":{"type":"string","description_kind":"plain","required":true}},"description_kind":"plain"}},"aci_any":{"version":1,"block":{"attributes":{"annotation":{"type":"string","description_kind":"plain","optional":true,"computed":true},"description":{"type":"string","description_kind":"plain","optional":true,"computed":true},"id":{"type":"string","description_kind":"plain","optional":true,"computed":true},"match_t":{"type":"string","description_kind":"plain","optional":true,"computed":true},"name_alias":{"type":"string","description_kind":"plain","optional":true,"computed":true},"pref_gr_memb":{"type":"string","description_kind":"plain","optional":true,"computed":true},"vrf_dn":{"type":"string","description_kind":"plain","required":true}},"description_kind":"plain"}},"aci_application_epg":{"version":1,"block":{"attributes":{"annotation":{"type":"string","description_kind":"plain","optional":true,"computed":true},"application_profile_dn":{"type":"string","description_kind":"plain","required":true},"description":{"type":"string","description_kind":"plain","optional":true,"computed":true},"exception_tag":{"type":"string","description_kind":"plain","optional":true,"computed":true},"flood_on_encap":{"type":"string","description_kind":"plain","optional":true,"computed":true},"fwd_ctrl":{"type":"string","description_kind":"plain","optional":true,"computed":true},"has_mcast_source":{"type":"string","description_kind":"plain","optional":true,"computed":true},"id":{"type":"string","description_kind":"plain","optional":true,"computed":true},"is_attr_based_epg":{"type":"string","description_kind":"plain","optional":true,"computed":true},"match_t":{"type":"string","description_kind":"plain","optional":true,"computed":true},"name":{"type":"string","description_kind":"plain","required":true},"name_alias":{"type":"string","description_kind":"plain","optional":true,"computed":true},"pc_enf_pref":{"type":"string","description_kind":"plain","optional":true,"computed":true},"pref_gr_memb":{"type":"string","description_kind":"plain","optional":true,"computed":true},"prio":{"type":"string","description_kind":"plain","optional":true,"computed":true},"shutdown":{"type":"string","description_kind":"plain","optional":true,"computed":true}},"description_kind":"plain"}},"aci_application_profile":{"version":1,"block":{"attributes":{"annotation":{"type":"string","description_kind":"plain","optional":true,"computed":true},"description":{"type":"string","description_kind":"plain","optional":true,"computed":true},"id":{"type":"string","description_kind":"plain","optional":true,"computed":true},"name":{"type":"string","description_kind":"plain","required":true},"name_alias":{"type":"string","description_kind":"plain","optional":true,"computed":true},"prio":{"type":"string","description_kind":"plain","optional":true,"computed":true},"tenant_dn":{"type":"string","description_kind":"plain","required":true}},"description_kind":"plain"}},"aci_attachable_access_entity_profile":{"version":1,"block":{"attributes":{"annotation":{"type":"string","description_kind":"plain","optional":true,"computed":true},"description":{"type":"string","description_kind":"plain","optional":true,"computed":true},"id":{"type":"string","description_kind":"plain","optional":true,"computed":true},"name":{"type":"string","description_kind":"plain","required":true},"name_alias":{"type":"string","description_kind":"plain","optional":true,"computed":true}},"description_kind":"plain"}},"aci_autonomous_system_profile":{"version":0,"block":{"attributes":{"annotation":{"type":"string","description_kind":"plain","optional":true,"computed":true},"asn":{"type":"string","description_kind":"plain","optional":true,"computed":true},"description":{"type":"string","description_kind":"plain","optional":true,"computed":true},"id":{"type":"string","description_kind":"plain","optional":true,"computed":true},"name_alias":{"type":"string","description_kind":"plain","optional":true,"computed":true}},"description_kind":"plain"}},"aci_bd_dhcp_label":{"version":1,"block":{"attributes":{"annotation":{"type":"string","description_kind":"plain","optional":true,"computed":true},"bridge_domain_dn":{"type":"string","description_kind":"plain","required":true},"description":{"type":"string","description_kind":"plain","optional":true,"computed":true},"id":{"type":"string","description_kind":"plain","optional":true,"computed":true},"name":{"type":"string","description_kind":"plain","required":true},"name_alias":{"type":"string","description_kind":"plain","optional":true,"computed":true},"owner":{"type":"string","description_kind":"plain","optional":true,"computed":true},"tag":{"type":"string","description_kind":"plain","optional":true,"computed":true}},"description_kind":"plain"}},"aci_bgp_address_family_context":{"version":1,"block":{"attributes":{"annotation":{"type":"string","description_kind":"plain","optional":true,"computed":true},"ctrl":{"type":"string","description_kind":"plain","optional":true,"computed":true},"description":{"type":"string","description_kind":"plain","optional":true,"computed":true},"e_dist":{"type":"string","description_kind":"plain","optional":true,"computed":true},"i_dist":{"type":"string","description_kind":"plain","optional":true,"computed":true},"id":{"type":"string","description_kind":"plain","optional":true,"computed":true},"local_dist":{"type":"string","description_kind":"plain","optional":true,"computed":true},"max_ecmp":{"type":"string","description_kind":"plain","optional":true,"computed":true},"max_ecmp_ibgp":{"type":"string","description_kind":"plain","optional":true,"computed":true},"name":{"type":"string","description_kind":"plain","required":true},"name_alias":{"type":"string","description_kind":"plain","optional":true,"computed":true},"tenant_dn":{"type":"string","description_kind":"plain","required":true}},"description_kind":"plain"}},"aci_bgp_best_path_policy":{"version":1,"block":{"attributes":{"annotation":{"type":"string","description_kind":"plain","optional":true,"computed":true},"ctrl":{"type":"string","description_kind":"plain","optional":true,"computed":true},"description":{"type":"string","description_kind":"plain","optional":true,"computed":true},"id":{"type":"string","description_kind":"plain","optional":true,"computed":true},"name":{"type":"string","description_kind":"plain","required":true},"name_alias":{"type":"string","description_kind":"plain","optional":true,"computed":true},"tenant_dn":{"type":"string","description_kind":"plain","required":true}},"description_kind":"plain"}},"aci_bgp_peer_connectivity_profile":{"version":1,"block":{"attributes":{"addr":{"type":"string","description_kind":"plain","required":true},"addr_t_ctrl":{"type":"string","description_kind":"plain","optional":true,"computed":true},"allowed_self_as_cnt":{"type":"string","description_kind":"plain","optional":true,"computed":true},"annotation":{"type":"string","description_kind":"plain","optional":true,"computed":true},"as_number":{"type":"string","description_kind":"plain","optional":true,"computed":true},"ctrl":{"type":"string","description_kind":"plain","optional":true,"computed":true},"description":{"type":"string","description_kind":"plain","optional":true,"computed":true},"id":{"type":"string","description_kind":"plain","optional":true,"computed":true},"local_asn":{"type":"string","description_kind":"plain","optional":true,"computed":true},"local_asn_propagate":{"type":"string","description_kind":"plain","optional":true,"computed":true},"logical_node_profile_dn":{"type":"string","description_kind":"plain","deprecated":true,"optional":true},"name_alias":{"type":"string","description_kind":"plain","optional":true,"computed":true},"parent_dn":{"type":"string","description_kind":"plain","optional":true},"password":{"type":"string","description_kind":"plain","optional":true,"computed":true},"peer_ctrl":{"type":"string","description_kind":"plain","optional":true,"computed":true},"private_a_sctrl":{"type":"string","description_kind":"plain","optional":true,"computed":true},"ttl":{"type":"string","description_kind":"plain","optional":true,"computed":true},"weight":{"type":"string","description_kind":"plain","optional":true,"computed":true}},"description_kind":"plain"}},"aci_bgp_peer_prefix":{"version":1,"block":{"attributes":{"action":{"type":"string","description_kind":"plain","optional":true,"computed":true},"annotation":{"type":"string","description_kind":"plain","optional":true,"computed":true},"description":{"type":"string","description_kind":"plain","optional":true,"computed":true},"id":{"type":"string","description_kind":"plain","optional":true,"computed":true},"max_pfx":{"type":"string","description_kind":"plain","optional":true,"computed":true},"name":{"type":"string","description_kind":"plain","required":true},"name_alias":{"type":"string","description_kind":"plain","optional":true,"computed":true},"restart_time":{"type":"string","description_kind":"plain","optional":true,"computed":true},"tenant_dn":{"type":"string","description_kind":"plain","required":true},"thresh":{"type":"string","description_kind":"plain","optional":true,"computed":true}},"description_kind":"plain"}},"aci_bgp_route_control_profile":{"version":1,"block":{"attributes":{"annotation":{"type":"string","description_kind":"plain","optional":true,"computed":true},"description":{"type":"string","description_kind":"plain","optional":true,"computed":true},"id":{"type":"string","description_kind":"plain","optional":true,"computed":true},"name":{"type":"string","description_kind":"plain","required":true},"name_alias":{"type":"string","description_kind":"plain","optional":true,"computed":true},"parent_dn":{"type":"string","description_kind":"plain","required":true},"route_control_profile_type":{"type":"string","description_kind":"plain","optional":true,"computed":true}},"description_kind":"plain"}},"aci_bgp_route_summarization":{"version":1,"block":{"attributes":{"annotation":{"type":"string","description_kind":"plain","optional":true,"computed":true},"attrmap":{"type":"string","description_kind":"plain","optional":true,"computed":true},"ctrl":{"type":"string","description_kind":"plain","optional":true,"computed":true},"description":{"type":"string","description_kind":"plain","optional":true,"computed":true},"id":{"type":"string","description_kind":"plain","optional":true,"computed":true},"name":{"type":"string","description_kind":"plain","required":true},"name_alias":{"type":"string","description_kind":"plain","optional":true,"computed":true},"tenant_dn":{"type":"string","description_kind":"plain","required":true}},"description_kind":"plain"}},"aci_bgp_timers":{"version":1,"block":{"attributes":{"annotation":{"type":"string","description_kind":"plain","optional":true,"computed":true},"description":{"type":"string","description_kind":"plain","optional":true,"computed":true},"gr_ctrl":{"type":"string","description_kind":"plain","optional":true,"computed":true},"hold_intvl":{"type":"string","description_kind":"plain","optional":true,"computed":true},"id":{"type":"string","description_kind":"plain","optional":true,"computed":true},"ka_intvl":{"type":"string","description_kind":"plain","optional":true,"computed":true},"max_as_limit":{"type":"string","description_kind":"plain","optional":true,"computed":true},"name":{"type":"string","description_kind":"plain","required":true},"name_alias":{"type":"string","description_kind":"plain","optional":true,"computed":true},"stale_intvl":{"type":"string","description_kind":"plain","optional":true,"computed":true},"tenant_dn":{"type":"string","description_kind":"plain","required":true}},"description_kind":"plain"}},"aci_bridge_domain":{"version":1,"block":{"attributes":{"annotation":{"type":"string","description_kind":"plain","optional":true,"computed":true},"arp_flood":{"type":"string","description_kind":"plain","optional":true,"computed":true},"bridge_domain_type":{"type":"string","description_kind":"plain","optional":true,"computed":true},"description":{"type":"string","description_kind":"plain","optional":true,"computed":true},"ep_clear":{"type":"string","description_kind":"plain","optional":true,"computed":true},"ep_move_detect_mode":{"type":"string","description_kind":"plain","optional":true,"computed":true},"host_based_routing":{"type":"string","description_kind":"plain","optional":true,"computed":true},"id":{"type":"string","description_kind":"plain","optional":true,"computed":true},"intersite_bum_traffic_allow":{"type":"string","description_kind":"plain","optional":true,"computed":true},"intersite_l2_stretch":{"type":"string","description_kind":"plain","optional":true,"computed":true},"ip_learning":{"type":"string","description_kind":"plain","optional":true,"computed":true},"ipv6_mcast_allow":{"type":"string","description_kind":"plain","optional":true,"computed":true},"limit_ip_learn_to_subnets":{"type":"string","description_kind":"plain","optional":true,"computed":true},"ll_addr":{"type":"string","description_kind":"plain","optional":true,"computed":true},"mac":{"type":"string","description_kind":"plain","optional":true,"computed":true},"mcast_allow":{"type":"string","description_kind":"plain","optional":true,"computed":true},"multi_dst_pkt_act":{"type":"string","description_kind":"plain","optional":true,"computed":true},"name":{"type":"string","description_kind":"plain","required":true},"name_alias":{"type":"string","description_kind":"plain","optional":true,"computed":true},"optimize_wan_bandwidth":{"type":"string","description_kind":"plain","optional":true,"computed":true},"tenant_dn":{"type":"string","description_kind":"plain","required":true},"unicast_route":{"type":"string","description_kind":"plain","optional":true,"computed":true},"unk_mac_ucast_act":{"type":"string","description_kind":"plain","optional":true,"computed":true},"unk_mcast_act":{"type":"string","description_kind":"plain","optional":true,"computed":true},"v6unk_mcast_act":{"type":"string","description_kind":"plain","optional":true,"computed":true},"vmac":{"type":"string","description_kind":"plain","optional":true,"computed":true}},"description_kind":"plain"}},"aci_cdp_interface_policy":{"version":1,"block":{"attributes":{"admin_st":{"type":"string","description_kind":"plain","optional":true,"computed":true},"annotation":{"type":"string","description_kind":"plain","optional":true,"computed":true},"description":{"type":"string","description_kind":"plain","optional":true,"computed":true},"id":{"type":"string","description_kind":"plain","optional":true,"computed":true},"name":{"type":"string","description_kind":"plain","required":true},"name_alias":{"type":"string","description_kind":"plain","optional":true,"computed":true}},"description_kind":"plain"}},"aci_client_end_point":{"version":0,"block":{"attributes":{"annotation":{"type":"string","description_kind":"plain","optional":true,"computed":true},"description":{"type":"string","description_kind":"plain","optional":true,"computed":true},"id":{"type":"string","description_kind":"plain","optional":true,"computed":true},"ip":{"type":"string","description_kind":"plain","optional":true,"computed":true},"mac":{"type":"string","description_kind":"plain","optional":true,"computed":true},"name":{"type":"string","description_kind":"plain","optional":true,"computed":true},"vlan":{"type":"string","description_kind":"plain","optional":true,"computed":true}},"block_types":{"fvcep_objects":{"nesting_mode":"list","block":{"attributes":{"application_profile_name":{"type":"string","description_kind":"plain","optional":true,"computed":true},"endpoint_path":{"type":["list","string"],"description_kind":"plain","optional":true,"computed":true},"epg_name":{"type":"string","description_kind":"plain","optional":true,"computed":true},"instance_profile_name":{"type":"string","description_kind":"plain","optional":true,"computed":true},"ip":{"type":"string","description_kind":"plain","optional":true,"computed":true},"l2out_name":{"type":"string","description_kind":"plain","optional":true,"computed":true},"mac":{"type":"string","description_kind":"plain","optional":true,"computed":true},"name":{"type":"string","description_kind":"plain","optional":true,"computed":true},"tenant_name":{"type":"string","description_kind":"plain","optional":true,"computed":true},"vlan":{"type":"string","description_kind":"plain","optional":true,"computed":true},"vrf_name":{"type":"string","description_kind":"plain","optional":true,"computed":true}},"description_kind":"plain"}}},"description_kind":"plain"}},"aci_cloud_applicationcontainer":{"version":1,"block":{"attributes":{"annotation":{"type":"string","description_kind":"plain","optional":true,"computed":true},"description":{"type":"string","description_kind":"plain","optional":true,"computed":true},"id":{"type":"string","description_kind":"plain","optional":true,"computed":true},"name":{"type":"string","description_kind":"plain","required":true},"name_alias":{"type":"string","description_kind":"plain","optional":true,"computed":true},"tenant_dn":{"type":"string","description_kind":"plain","required":true}},"description_kind":"plain"}},"aci_cloud_availability_zone":{"version":0,"block":{"attributes":{"cloud_providers_region_dn":{"type":"string","description_kind":"plain","required":true},"id":{"type":"string","description_kind":"plain","optional":true,"computed":true},"name":{"type":"string","description_kind":"plain","required":true},"name_alias":{"type":"string","description_kind":"plain","optional":true,"computed":true}},"description_kind":"plain"}},"aci_cloud_aws_provider":{"version":1,"block":{"attributes":{"access_key_id":{"type":"string","description_kind":"plain","optional":true,"computed":true},"account_id":{"type":"string","description_kind":"plain","optional":true,"computed":true},"annotation":{"type":"string","description_kind":"plain","optional":true,"computed":true},"description":{"type":"string","description_kind":"plain","optional":true,"computed":true},"email":{"type":"string","description_kind":"plain","optional":true,"computed":true},"http_proxy":{"type":"string","description_kind":"plain","optional":true,"computed":true},"id":{"type":"string","description_kind":"plain","optional":true,"computed":true},"is_account_in_org":{"type":"string","description_kind":"plain","optional":true,"computed":true},"is_trusted":{"type":"string","description_kind":"plain","optional":true,"computed":true},"name_alias":{"type":"string","description_kind":"plain","optional":true,"computed":true},"provider_id":{"type":"string","description_kind":"plain","optional":true,"computed":true},"region":{"type":"string","description_kind":"plain","optional":true,"computed":true},"secret_access_key":{"type":"string","description_kind":"plain","optional":true,"computed":true},"tenant_dn":{"type":"string","description_kind":"plain","required":true}},"description_kind":"plain"}},"aci_cloud_cidr_pool":{"version":1,"block":{"attributes":{"addr":{"type":"string","description_kind":"plain","required":true},"annotation":{"type":"string","description_kind":"plain","optional":true,"computed":true},"cloud_context_profile_dn":{"type":"string","description_kind":"plain","required":true},"description":{"type":"string","description_kind":"plain","optional":true,"computed":true},"id":{"type":"string","description_kind":"plain","optional":true,"computed":true},"name_alias":{"type":"string","description_kind":"plain","optional":true,"computed":true},"primary":{"type":"string","description_kind":"plain","optional":true,"computed":true}},"description_kind":"plain"}},"aci_cloud_context_profile":{"version":1,"block":{"attributes":{"annotation":{"type":"string","description_kind":"plain","optional":true,"computed":true},"description":{"type":"string","description_kind":"plain","optional":true,"computed":true},"id":{"type":"string","description_kind":"plain","optional":true,"computed":true},"name":{"type":"string","description_kind":"plain","required":true},"name_alias":{"type":"string","description_kind":"plain","optional":true,"computed":true},"tenant_dn":{"type":"string","description_kind":"plain","required":true},"type":{"type":"string","description":"component type","description_kind":"plain","optional":true,"computed":true}},"description_kind":"plain"}},"aci_cloud_domain_profile":{"version":1,"block":{"attributes":{"annotation":{"type":"string","description_kind":"plain","optional":true,"computed":true},"description":{"type":"string","description_kind":"plain","optional":true,"computed":true},"id":{"type":"string","description_kind":"plain","optional":true,"computed":true},"name_alias":{"type":"string","description_kind":"plain","optional":true,"computed":true},"site_id":{"type":"string","description_kind":"plain","optional":true,"computed":true}},"description_kind":"plain"}},"aci_cloud_endpoint_selector":{"version":1,"block":{"attributes":{"annotation":{"type":"string","description_kind":"plain","optional":true,"computed":true},"cloud_epg_dn":{"type":"string","description_kind":"plain","required":true},"description":{"type":"string","description_kind":"plain","optional":true,"computed":true},"id":{"type":"string","description_kind":"plain","optional":true,"computed":true},"match_expression":{"type":"string","description_kind":"plain","optional":true,"computed":true},"name":{"type":"string","description_kind":"plain","required":true},"name_alias":{"type":"string","description_kind":"plain","optional":true,"computed":true}},"description_kind":"plain"}},"aci_cloud_endpoint_selectorfor_external_epgs":{"version":1,"block":{"attributes":{"annotation":{"type":"string","description_kind":"plain","optional":true,"computed":true},"cloud_external_epg_dn":{"type":"string","description_kind":"plain","required":true},"description":{"type":"string","description_kind":"plain","optional":true,"computed":true},"id":{"type":"string","description_kind":"plain","optional":true,"computed":true},"is_shared":{"type":"string","description_kind":"plain","optional":true,"computed":true},"match_expression":{"type":"string","description_kind":"plain","optional":true,"computed":true},"name":{"type":"string","description_kind":"plain","required":true},"name_alias":{"type":"string","description_kind":"plain","optional":true,"computed":true},"subnet":{"type":"string","description_kind":"plain","optional":true,"computed":true}},"description_kind":"plain"}},"aci_cloud_epg":{"version":1,"block":{"attributes":{"annotation":{"type":"string","description_kind":"plain","optional":true,"computed":true},"cloud_applicationcontainer_dn":{"type":"string","description_kind":"plain","required":true},"description":{"type":"string","description_kind":"plain","optional":true,"computed":true},"exception_tag":{"type":"string","description_kind":"plain","optional":true,"computed":true},"flood_on_encap":{"type":"string","description_kind":"plain","optional":true,"computed":true},"id":{"type":"string","description_kind":"plain","optional":true,"computed":true},"match_t":{"type":"string","description_kind":"plain","optional":true,"computed":true},"name":{"type":"string","description_kind":"plain","required":true},"name_alias":{"type":"string","description_kind":"plain","optional":true,"computed":true},"pref_gr_memb":{"type":"string","description_kind":"plain","optional":true,"computed":true},"prio":{"type":"string","description_kind":"plain","optional":true,"computed":true}},"description_kind":"plain"}},"aci_cloud_external_epg":{"version":1,"block":{"attributes":{"annotation":{"type":"string","description_kind":"plain","optional":true,"computed":true},"cloud_applicationcontainer_dn":{"type":"string","description_kind":"plain","required":true},"description":{"type":"string","description_kind":"plain","optional":true,"computed":true},"exception_tag":{"type":"string","description_kind":"plain","optional":true,"computed":true},"flood_on_encap":{"type":"string","description_kind":"plain","optional":true,"computed":true},"id":{"type":"string","description_kind":"plain","optional":true,"computed":true},"match_t":{"type":"string","description_kind":"plain","optional":true,"computed":true},"name":{"type":"string","description_kind":"plain","required":true},"name_alias":{"type":"string","description_kind":"plain","optional":true,"computed":true},"pref_gr_memb":{"type":"string","description_kind":"plain","optional":true,"computed":true},"prio":{"type":"string","description_kind":"plain","optional":true,"computed":true},"route_reachability":{"type":"string","description_kind":"plain","optional":true,"computed":true}},"description_kind":"plain"}},"aci_cloud_provider_profile":{"version":0,"block":{"attributes":{"annotation":{"type":"string","description_kind":"plain","optional":true,"computed":true},"id":{"type":"string","description_kind":"plain","optional":true,"computed":true},"vendor":{"type":"string","description_kind":"plain","required":true}},"description_kind":"plain"}},"aci_cloud_providers_region":{"version":0,"block":{"attributes":{"admin_st":{"type":"string","description_kind":"plain","optional":true,"computed":true},"annotation":{"type":"string","description_kind":"plain","optional":true,"computed":true},"cloud_provider_profile_dn":{"type":"string","description_kind":"plain","required":true},"id":{"type":"string","description_kind":"plain","optional":true,"computed":true},"name":{"type":"string","description_kind":"plain","required":true},"name_alias":{"type":"string","description_kind":"plain","optional":true,"computed":true}},"description_kind":"plain"}},"aci_cloud_subnet":{"version":1,"block":{"attributes":{"annotation":{"type":"string","description_kind":"plain","optional":true,"computed":true},"cloud_cidr_pool_dn":{"type":"string","description_kind":"plain","required":true},"description":{"type":"string","description_kind":"plain","optional":true,"computed":true},"id":{"type":"string","description_kind":"plain","optional":true,"computed":true},"ip":{"type":"string","description_kind":"plain","required":true},"name":{"type":"string","description_kind":"plain","optional":true,"computed":true},"name_alias":{"type":"string","description_kind":"plain","optional":true,"computed":true},"scope":{"type":"string","description_kind":"plain","optional":true,"computed":true},"usage":{"type":"string","description_kind":"plain","optional":true,"computed":true}},"description_kind":"plain"}},"aci_cloud_vpn_gateway":{"version":1,"block":{"attributes":{"annotation":{"type":"string","description_kind":"plain","optional":true,"computed":true},"cloud_context_profile_dn":{"type":"string","description_kind":"plain","required":true},"cloud_router_profile_type":{"type":"string","description_kind":"plain","optional":true,"computed":true},"description":{"type":"string","description_kind":"plain","optional":true,"computed":true},"id":{"type":"string","description_kind":"plain","optional":true,"computed":true},"name":{"type":"string","description_kind":"plain","required":true},"name_alias":{"type":"string","description_kind":"plain","optional":true,"computed":true},"num_instances":{"type":"string","description_kind":"plain","optional":true,"computed":true}},"description_kind":"plain"}},"aci_configuration_export_policy":{"version":1,"block":{"attributes":{"admin_st":{"type":"string","description_kind":"plain","optional":true,"computed":true},"annotation":{"type":"string","description_kind":"plain","optional":true,"computed":true},"description":{"type":"string","description_kind":"plain","optional":true,"computed":true},"format":{"type":"string","description_kind":"plain","optional":true,"computed":true},"id":{"type":"string","description_kind":"plain","optional":true,"computed":true},"include_secure_fields":{"type":"string","description_kind":"plain","optional":true,"computed":true},"max_snapshot_count":{"type":"string","description_kind":"plain","optional":true,"computed":true},"name":{"type":"string","description_kind":"plain","required":true},"name_alias":{"type":"string","description_kind":"plain","optional":true,"computed":true},"snapshot":{"type":"string","description_kind":"plain","optional":true,"computed":true},"target_dn":{"type":"string","description_kind":"plain","optional":true,"computed":true}},"description_kind":"plain"}},"aci_configuration_import_policy":{"version":1,"block":{"attributes":{"admin_st":{"type":"string","description_kind":"plain","optional":true,"computed":true},"annotation":{"type":"string","description_kind":"plain","optional":true,"computed":true},"description":{"type":"string","description_kind":"plain","optional":true,"computed":true},"fail_on_decrypt_errors":{"type":"string","description_kind":"plain","optional":true,"computed":true},"file_name":{"type":"string","description_kind":"plain","optional":true,"computed":true},"id":{"type":"string","description_kind":"plain","optional":true,"computed":true},"import_mode":{"type":"string","description_kind":"plain","optional":true,"computed":true},"import_type":{"type":"string","description_kind":"plain","optional":true,"computed":true},"name":{"type":"string","description_kind":"plain","required":true},"name_alias":{"type":"string","description_kind":"plain","optional":true,"computed":true},"snapshot":{"type":"string","description_kind":"plain","optional":true,"computed":true}},"description_kind":"plain"}},"aci_connection":{"version":1,"block":{"attributes":{"adj_type":{"type":"string","description_kind":"plain","optional":true,"computed":true},"annotation":{"type":"string","description_kind":"plain","optional":true,"computed":true},"conn_dir":{"type":"string","description_kind":"plain","optional":true,"computed":true},"conn_type":{"type":"string","description_kind":"plain","optional":true,"computed":true},"description":{"type":"string","description_kind":"plain","optional":true,"computed":true},"direct_connect":{"type":"string","description_kind":"plain","optional":true,"computed":true},"id":{"type":"string","description_kind":"plain","optional":true,"computed":true},"l4_l7_service_graph_template_dn":{"type":"string","description_kind":"plain","required":true},"name":{"type":"string","description_kind":"plain","required":true},"name_alias":{"type":"string","description_kind":"plain","optional":true,"computed":true},"unicast_route":{"type":"string","description_kind":"plain","optional":true,"computed":true}},"description_kind":"plain"}},"aci_contract":{"version":1,"block":{"attributes":{"annotation":{"type":"string","description_kind":"plain","optional":true,"computed":true},"description":{"type":"string","description_kind":"plain","optional":true,"computed":true},"id":{"type":"string","description_kind":"plain","optional":true,"computed":true},"name":{"type":"string","description_kind":"plain","required":true},"name_alias":{"type":"string","description_kind":"plain","optional":true,"computed":true},"prio":{"type":"string","description_kind":"plain","optional":true,"computed":true},"scope":{"type":"string","description_kind":"plain","optional":true,"computed":true},"target_dscp":{"type":"string","description_kind":"plain","optional":true,"computed":true},"tenant_dn":{"type":"string","description_kind":"plain","required":true}},"description_kind":"plain"}},"aci_contract_subject":{"version":1,"block":{"attributes":{"annotation":{"type":"string","description_kind":"plain","optional":true,"computed":true},"cons_match_t":{"type":"string","description_kind":"plain","optional":true,"computed":true},"contract_dn":{"type":"string","description_kind":"plain","required":true},"description":{"type":"string","description_kind":"plain","optional":true,"computed":true},"id":{"type":"string","description_kind":"plain","optional":true,"computed":true},"name":{"type":"string","description_kind":"plain","required":true},"name_alias":{"type":"string","description_kind":"plain","optional":true,"computed":true},"prio":{"type":"string","description_kind":"plain","optional":true,"computed":true},"prov_match_t":{"type":"string","description_kind":"plain","optional":true,"computed":true},"rev_flt_ports":{"type":"string","description_kind":"plain","optional":true,"computed":true},"target_dscp":{"type":"string","description_kind":"plain","optional":true,"computed":true}},"description_kind":"plain"}},"aci_destination_of_redirected_traffic":{"version":1,"block":{"attributes":{"annotation":{"type":"string","description_kind":"plain","optional":true,"computed":true},"description":{"type":"string","description_kind":"plain","optional":true,"computed":true},"dest_name":{"type":"string","description_kind":"plain","optional":true,"computed":true},"id":{"type":"string","description_kind":"plain","optional":true,"computed":true},"ip":{"type":"string","description_kind":"plain","required":true},"ip2":{"type":"string","description_kind":"plain","optional":true,"computed":true},"mac":{"type":"string","description_kind":"plain","optional":true,"computed":true},"name_alias":{"type":"string","description_kind":"plain","optional":true,"computed":true},"pod_id":{"type":"string","description_kind":"plain","optional":true,"computed":true},"service_redirect_policy_dn":{"type":"string","description_kind":"plain","required":true}},"description_kind":"plain"}},"aci_dhcp_option":{"version":0,"block":{"attributes":{"annotation":{"type":"string","description_kind":"plain","optional":true,"computed":true},"data":{"type":"string","description_kind":"plain","optional":true,"computed":true},"dhcp_option_id":{"type":"string","description_kind":"plain","optional":true,"computed":true},"dhcp_option_policy_dn":{"type":"string","description_kind":"plain","required":true},"id":{"type":"string","description_kind":"plain","optional":true,"computed":true},"name":{"type":"string","description_kind":"plain","required":true},"name_alias":{"type":"string","description_kind":"plain","optional":true,"computed":true}},"description_kind":"plain"}},"aci_dhcp_option_policy":{"version":1,"block":{"attributes":{"annotation":{"type":"string","description_kind":"plain","optional":true,"computed":true},"description":{"type":"string","description_kind":"plain","optional":true,"computed":true},"id":{"type":"string","description_kind":"plain","optional":true,"computed":true},"name":{"type":"string","description_kind":"plain","required":true},"name_alias":{"type":"string","description_kind":"plain","optional":true,"computed":true},"tenant_dn":{"type":"string","description_kind":"plain","required":true}},"description_kind":"plain"}},"aci_dhcp_relay_policy":{"version":1,"block":{"attributes":{"annotation":{"type":"string","description_kind":"plain","optional":true,"computed":true},"description":{"type":"string","description_kind":"plain","optional":true,"computed":true},"id":{"type":"string","description_kind":"plain","optional":true,"computed":true},"mode":{"type":"string","description_kind":"plain","optional":true,"computed":true},"name":{"type":"string","description_kind":"plain","required":true},"name_alias":{"type":"string","description_kind":"plain","optional":true,"computed":true},"owner":{"type":"string","description_kind":"plain","optional":true,"computed":true},"tenant_dn":{"type":"string","description_kind":"plain","required":true}},"description_kind":"plain"}},"aci_end_point_retention_policy":{"version":1,"block":{"attributes":{"annotation":{"type":"string","description_kind":"plain","optional":true,"computed":true},"bounce_age_intvl":{"type":"string","description_kind":"plain","optional":true,"computed":true},"bounce_trig":{"type":"string","description_kind":"plain","optional":true,"computed":true},"description":{"type":"string","description_kind":"plain","optional":true,"computed":true},"hold_intvl":{"type":"string","description_kind":"plain","optional":true,"computed":true},"id":{"type":"string","description_kind":"plain","optional":true,"computed":true},"local_ep_age_intvl":{"type":"string","description_kind":"plain","optional":true,"computed":true},"move_freq":{"type":"string","description_kind":"plain","optional":true,"computed":true},"name":{"type":"string","description_kind":"plain","required":true},"name_alias":{"type":"string","description_kind":"plain","optional":true,"computed":true},"remote_ep_age_intvl":{"type":"string","description_kind":"plain","optional":true,"computed":true},"tenant_dn":{"type":"string","description_kind":"plain","required":true}},"description_kind":"plain"}},"aci_endpoint_security_group":{"version":1,"block":{"attributes":{"annotation":{"type":"string","description_kind":"plain","optional":true,"computed":true},"application_profile_dn":{"type":"string","description_kind":"plain","required":true},"description":{"type":"string","description_kind":"plain","optional":true,"computed":true},"flood_on_encap":{"type":"string","description_kind":"plain","optional":true,"computed":true},"id":{"type":"string","description_kind":"plain","optional":true,"computed":true},"match_t":{"type":"string","description_kind":"plain","optional":true,"computed":true},"name":{"type":"string","description_kind":"plain","required":true},"name_alias":{"type":"string","description_kind":"plain","optional":true,"computed":true},"pc_enf_pref":{"type":"string","description_kind":"plain","optional":true,"computed":true},"pref_gr_memb":{"type":"string","description_kind":"plain","optional":true,"computed":true},"prio":{"type":"string","description_kind":"plain","optional":true,"computed":true}},"description_kind":"plain"}},"aci_endpoint_security_group_epg_selector":{"version":1,"block":{"attributes":{"annotation":{"type":"string","description_kind":"plain","optional":true,"computed":true},"description":{"type":"string","description_kind":"plain","optional":true,"computed":true},"endpoint_security_group_dn":{"type":"string","description_kind":"plain","required":true},"id":{"type":"string","description_kind":"plain","optional":true,"computed":true},"match_epg_dn":{"type":"string","description_kind":"plain","required":true},"name_alias":{"type":"string","description_kind":"plain","optional":true,"computed":true}},"description_kind":"plain"}},"aci_endpoint_security_group_selector":{"version":1,"block":{"attributes":{"annotation":{"type":"string","description_kind":"plain","optional":true,"computed":true},"description":{"type":"string","description_kind":"plain","optional":true,"computed":true},"endpoint_security_group_dn":{"type":"string","description_kind":"plain","required":true},"id":{"type":"string","description_kind":"plain","optional":true,"computed":true},"match_expression":{"type":"string","description_kind":"plain","required":true},"name":{"type":"string","description_kind":"plain","optional":true,"computed":true},"name_alias":{"type":"string","description_kind":"plain","optional":true,"computed":true}},"description_kind":"plain"}},"aci_endpoint_security_group_tag_selector":{"version":1,"block":{"attributes":{"annotation":{"type":"string","description_kind":"plain","optional":true,"computed":true},"description":{"type":"string","description_kind":"plain","optional":true,"computed":true},"endpoint_security_group_dn":{"type":"string","description_kind":"plain","required":true},"id":{"type":"string","description_kind":"plain","optional":true,"computed":true},"match_key":{"type":"string","description_kind":"plain","required":true},"match_value":{"type":"string","description_kind":"plain","required":true},"name_alias":{"type":"string","description_kind":"plain","optional":true,"computed":true},"value_operator":{"type":"string","description_kind":"plain","optional":true,"computed":true}},"description_kind":"plain"}},"aci_epg_to_contract":{"version":1,"block":{"attributes":{"annotation":{"type":"string","description_kind":"plain","optional":true,"computed":true},"application_epg_dn":{"type":"string","description_kind":"plain","required":true},"contract_name":{"type":"string","description_kind":"plain","required":true},"contract_type":{"type":"string","description_kind":"plain","required":true},"description":{"type":"string","description_kind":"plain","optional":true,"computed":true},"id":{"type":"string","description_kind":"plain","optional":true,"computed":true},"match_t":{"type":"string","description_kind":"plain","optional":true,"computed":true},"prio":{"type":"string","description_kind":"plain","optional":true,"computed":true}},"description_kind":"plain"}},"aci_epg_to_domain":{"version":1,"block":{"attributes":{"allow_micro_seg":{"type":"bool","description_kind":"plain","optional":true,"computed":true},"annotation":{"type":"string","description_kind":"plain","optional":true,"computed":true},"application_epg_dn":{"type":"string","description_kind":"plain","required":true},"binding_type":{"type":"string","description_kind":"plain","optional":true,"computed":true},"delimiter":{"type":"string","description_kind":"plain","optional":true,"computed":true},"encap":{"type":"string","description_kind":"plain","optional":true,"computed":true},"encap_mode":{"type":"string","description_kind":"plain","optional":true,"computed":true},"epg_cos":{"type":"string","description_kind":"plain","optional":true,"computed":true},"epg_cos_pref":{"type":"string","description_kind":"plain","optional":true,"computed":true},"id":{"type":"string","description_kind":"plain","optional":true,"computed":true},"instr_imedcy":{"type":"string","description_kind":"plain","optional":true,"computed":true},"lag_policy_name":{"type":"string","description_kind":"plain","optional":true,"computed":true},"netflow_dir":{"type":"string","description_kind":"plain","optional":true,"computed":true},"netflow_pref":{"type":"string","description_kind":"plain","optional":true,"computed":true},"num_ports":{"type":"string","description_kind":"plain","optional":true,"computed":true},"port_allocation":{"type":"string","description_kind":"plain","optional":true,"computed":true},"primary_encap":{"type":"string","description_kind":"plain","optional":true,"computed":true},"primary_encap_inner":{"type":"string","description_kind":"plain","optional":true,"computed":true},"res_imedcy":{"type":"string","description_kind":"plain","optional":true,"computed":true},"secondary_encap_inner":{"type":"string","description_kind":"plain","optional":true,"computed":true},"switching_mode":{"type":"string","description_kind":"plain","optional":true,"computed":true},"tdn":{"type":"string","description_kind":"plain","required":true}},"description_kind":"plain"}},"aci_epg_to_static_path":{"version":1,"block":{"attributes":{"annotation":{"type":"string","description_kind":"plain","optional":true,"computed":true},"application_epg_dn":{"type":"string","description_kind":"plain","required":true},"description":{"type":"string","description_kind":"plain","optional":true,"computed":true},"encap":{"type":"string","description_kind":"plain","optional":true,"computed":true},"id":{"type":"string","description_kind":"plain","optional":true,"computed":true},"instr_imedcy":{"type":"string","description_kind":"plain","optional":true,"computed":true},"mode":{"type":"string","description_kind":"plain","optional":true,"computed":true},"primary_encap":{"type":"string","description_kind":"plain","optional":true,"computed":true},"tdn":{"type":"string","description_kind":"plain","required":true}},"description_kind":"plain"}},"aci_epgs_using_function":{"version":1,"block":{"attributes":{"access_generic_dn":{"type":"string","description_kind":"plain","required":true},"annotation":{"type":"string","description_kind":"plain","optional":true,"computed":true},"description":{"type":"string","description_kind":"plain","optional":true,"computed":true},"encap":{"type":"string","description_kind":"plain","optional":true,"computed":true},"id":{"type":"string","description_kind":"plain","optional":true,"computed":true},"instr_imedcy":{"type":"string","description_kind":"plain","optional":true,"computed":true},"mode":{"type":"string","description_kind":"plain","optional":true,"computed":true},"primary_encap":{"type":"string","description_kind":"plain","optional":true,"computed":true},"tdn":{"type":"string","description_kind":"plain","required":true}},"description_kind":"plain"}},"aci_external_network_instance_profile":{"version":1,"block":{"attributes":{"annotation":{"type":"string","description_kind":"plain","optional":true,"computed":true},"description":{"type":"string","description_kind":"plain","optional":true,"computed":true},"exception_tag":{"type":"string","description_kind":"plain","optional":true,"computed":true},"flood_on_encap":{"type":"string","description_kind":"plain","optional":true,"computed":true},"id":{"type":"string","description_kind":"plain","optional":true,"computed":true},"l3_outside_dn":{"type":"string","description_kind":"plain","required":true},"match_t":{"type":"string","description_kind":"plain","optional":true,"computed":true},"name":{"type":"string","description_kind":"plain","required":true},"name_alias":{"type":"string","description_kind":"plain","optional":true,"computed":true},"pref_gr_memb":{"type":"string","description_kind":"plain","optional":true,"computed":true},"prio":{"type":"string","description_kind":"plain","optional":true,"computed":true},"target_dscp":{"type":"string","description_kind":"plain","optional":true,"computed":true}},"description_kind":"plain"}},"aci_fabric_if_pol":{"version":1,"block":{"attributes":{"annotation":{"type":"string","description_kind":"plain","optional":true,"computed":true},"auto_neg":{"type":"string","description_kind":"plain","optional":true,"computed":true},"description":{"type":"string","description_kind":"plain","optional":true,"computed":true},"fec_mode":{"type":"string","description_kind":"plain","optional":true,"computed":true},"id":{"type":"string","description_kind":"plain","optional":true,"computed":true},"link_debounce":{"type":"string","description_kind":"plain","optional":true,"computed":true},"name":{"type":"string","description_kind":"plain","required":true},"name_alias":{"type":"string","description_kind":"plain","optional":true,"computed":true},"speed":{"type":"string","description_kind":"plain","optional":true,"computed":true}},"description_kind":"plain"}},"aci_fabric_node_member":{"version":1,"block":{"attributes":{"annotation":{"type":"string","description_kind":"plain","optional":true,"computed":true},"description":{"type":"string","description_kind":"plain","optional":true,"computed":true},"ext_pool_id":{"type":"string","description_kind":"plain","optional":true,"computed":true},"fabric_id":{"type":"string","description_kind":"plain","optional":true,"computed":true},"id":{"type":"string","description_kind":"plain","optional":true,"computed":true},"name_alias":{"type":"string","description_kind":"plain","optional":true,"computed":true},"node_id":{"type":"string","description_kind":"plain","optional":true,"computed":true},"node_type":{"type":"string","description_kind":"plain","optional":true,"computed":true},"pod_id":{"type":"string","description_kind":"plain","optional":true,"computed":true},"role":{"type":"string","description_kind":"plain","optional":true,"computed":true},"serial":{"type":"string","description_kind":"plain","required":true}},"description_kind":"plain"}},"aci_fabric_path_ep":{"version":0,"block":{"attributes":{"annotation":{"type":"string","description_kind":"plain","optional":true,"computed":true},"description":{"type":"string","description_kind":"plain","optional":true,"computed":true},"id":{"type":"string","description_kind":"plain","optional":true,"computed":true},"name":{"type":"string","description_kind":"plain","required":true},"node_id":{"type":"string","description_kind":"plain","required":true},"pod_id":{"type":"string","description_kind":"plain","required":true},"vpc":{"type":"bool","description_kind":"plain","optional":true}},"description_kind":"plain"}},"aci_fc_domain":{"version":1,"block":{"attributes":{"annotation":{"type":"string","description_kind":"plain","optional":true,"computed":true},"description":{"type":"string","description_kind":"plain","optional":true,"computed":true},"id":{"type":"string","description_kind":"plain","optional":true,"computed":true},"name":{"type":"string","description_kind":"plain","required":true},"name_alias":{"type":"string","description_kind":"plain","optional":true,"computed":true}},"description_kind":"plain"}},"aci_fex_bundle_group":{"version":1,"block":{"attributes":{"annotation":{"type":"string","description_kind":"plain","optional":true,"computed":true},"description":{"type":"string","description_kind":"plain","optional":true,"computed":true},"fex_profile_dn":{"type":"string","description_kind":"plain","required":true},"id":{"type":"string","description_kind":"plain","optional":true,"computed":true},"name":{"type":"string","description_kind":"plain","required":true},"name_alias":{"type":"string","description_kind":"plain","optional":true,"computed":true}},"description_kind":"plain"}},"aci_fex_profile":{"version":1,"block":{"attributes":{"annotation":{"type":"string","description_kind":"plain","optional":true,"computed":true},"description":{"type":"string","description_kind":"plain","optional":true,"computed":true},"id":{"type":"string","description_kind":"plain","optional":true,"computed":true},"name":{"type":"string","description_kind":"plain","required":true},"name_alias":{"type":"string","description_kind":"plain","optional":true,"computed":true}},"description_kind":"plain"}},"aci_filter":{"version":1,"block":{"attributes":{"annotation":{"type":"string","description_kind":"plain","optional":true,"computed":true},"description":{"type":"string","description_kind":"plain","optional":true,"computed":true},"id":{"type":"string","description_kind":"plain","optional":true,"computed":true},"name":{"type":"string","description_kind":"plain","required":true},"name_alias":{"type":"string","description_kind":"plain","optional":true,"computed":true},"tenant_dn":{"type":"string","description_kind":"plain","required":true}},"description_kind":"plain"}},"aci_filter_entry":{"version":1,"block":{"attributes":{"annotation":{"type":"string","description_kind":"plain","optional":true,"computed":true},"apply_to_frag":{"type":"string","description_kind":"plain","optional":true,"computed":true},"arp_opc":{"type":"string","description_kind":"plain","optional":true,"computed":true},"d_from_port":{"type":"string","description_kind":"plain","optional":true,"computed":true},"d_to_port":{"type":"string","description_kind":"plain","optional":true,"computed":true},"description":{"type":"string","description_kind":"plain","optional":true,"computed":true},"ether_t":{"type":"string","description_kind":"plain","optional":true,"computed":true},"filter_dn":{"type":"string","description_kind":"plain","required":true},"icmpv4_t":{"type":"string","description_kind":"plain","optional":true,"computed":true},"icmpv6_t":{"type":"string","description_kind":"plain","optional":true,"computed":true},"id":{"type":"string","description_kind":"plain","optional":true,"computed":true},"match_dscp":{"type":"string","description_kind":"plain","optional":true,"computed":true},"name":{"type":"string","description_kind":"plain","required":true},"name_alias":{"type":"string","description_kind":"plain","optional":true,"computed":true},"prot":{"type":"string","description_kind":"plain","optional":true,"computed":true},"s_from_port":{"type":"string","description_kind":"plain","optional":true,"computed":true},"s_to_port":{"type":"string","description_kind":"plain","optional":true,"computed":true},"stateful":{"type":"string","description_kind":"plain","optional":true,"computed":true},"tcp_rules":{"type":"string","description_kind":"plain","optional":true,"computed":true}},"description_kind":"plain"}},"aci_firmware_download_task":{"version":1,"block":{"attributes":{"annotation":{"type":"string","description_kind":"plain","optional":true,"computed":true},"auth_pass":{"type":"string","description_kind":"plain","optional":true,"computed":true},"auth_type":{"type":"string","description_kind":"plain","optional":true,"computed":true},"description":{"type":"string","description_kind":"plain","optional":true,"computed":true},"dnld_task_flip":{"type":"string","description_kind":"plain","optional":true,"computed":true},"id":{"type":"string","description_kind":"plain","optional":true,"computed":true},"identity_private_key_contents":{"type":"string","description_kind":"plain","optional":true,"computed":true},"identity_private_key_passphrase":{"type":"string","description_kind":"plain","optional":true,"computed":true},"identity_public_key_contents":{"type":"string","description_kind":"plain","optional":true,"computed":true},"load_catalog_if_exists_and_newer":{"type":"string","description_kind":"plain","optional":true,"computed":true},"name":{"type":"string","description_kind":"plain","required":true},"name_alias":{"type":"string","description_kind":"plain","optional":true,"computed":true},"password":{"type":"string","description_kind":"plain","optional":true,"computed":true},"polling_interval":{"type":"string","description_kind":"plain","optional":true,"computed":true},"proto":{"type":"string","description_kind":"plain","optional":true,"computed":true},"url":{"type":"string","description_kind":"plain","optional":true,"computed":true},"user":{"type":"string","description_kind":"plain","optional":true,"computed":true}},"description_kind":"plain"}},"aci_firmware_group":{"version":1,"block":{"attributes":{"annotation":{"type":"string","description_kind":"plain","optional":true,"computed":true},"description":{"type":"string","description_kind":"plain","optional":true,"computed":true},"firmware_group_type":{"type":"string","description_kind":"plain","optional":true,"computed":true},"id":{"type":"string","description_kind":"plain","optional":true,"computed":true},"name":{"type":"string","description_kind":"plain","required":true},"name_alias":{"type":"string","description_kind":"plain","optional":true,"computed":true}},"description_kind":"plain"}},"aci_firmware_policy":{"version":1,"block":{"attributes":{"annotation":{"type":"string","description_kind":"plain","optional":true,"computed":true},"description":{"type":"string","description_kind":"plain","optional":true,"computed":true},"effective_on_reboot":{"type":"string","description_kind":"plain","optional":true,"computed":true},"id":{"type":"string","description_kind":"plain","optional":true,"computed":true},"ignore_compat":{"type":"string","description_kind":"plain","optional":true,"computed":true},"internal_label":{"type":"string","description_kind":"plain","optional":true,"computed":true},"name":{"type":"string","description_kind":"plain","required":true},"name_alias":{"type":"string","description_kind":"plain","optional":true,"computed":true},"version":{"type":"string","description_kind":"plain","optional":true,"computed":true},"version_check_override":{"type":"string","description_kind":"plain","optional":true,"computed":true}},"description_kind":"plain"}},"aci_function_node":{"version":1,"block":{"attributes":{"annotation":{"type":"string","description_kind":"plain","optional":true,"computed":true},"description":{"type":"string","description_kind":"plain","optional":true,"computed":true},"func_template_type":{"type":"string","description_kind":"plain","optional":true,"computed":true},"func_type":{"type":"string","description_kind":"plain","optional":true,"computed":true},"id":{"type":"string","description_kind":"plain","optional":true,"computed":true},"is_copy":{"type":"string","description_kind":"plain","optional":true,"computed":true},"l4_l7_service_graph_template_dn":{"type":"string","description_kind":"plain","required":true},"managed":{"type":"string","description_kind":"plain","optional":true,"computed":true},"name":{"type":"string","description_kind":"plain","required":true},"name_alias":{"type":"string","description_kind":"plain","optional":true,"computed":true},"routing_mode":{"type":"string","description_kind":"plain","optional":true,"computed":true},"sequence_number":{"type":"string","description_kind":"plain","optional":true,"computed":true},"share_encap":{"type":"string","description_kind":"plain","optional":true,"computed":true}},"description_kind":"plain"}},"aci_hsrp_group_policy":{"version":1,"block":{"attributes":{"annotation":{"type":"string","description_kind":"plain","optional":true,"computed":true},"ctrl":{"type":"string","description_kind":"plain","optional":true,"computed":true},"description":{"type":"string","description_kind":"plain","optional":true,"computed":true},"hello_intvl":{"type":"string","description_kind":"plain","optional":true,"computed":true},"hold_intvl":{"type":"string","description_kind":"plain","optional":true,"computed":true},"hsrp_group_policy_type":{"type":"string","description_kind":"plain","optional":true,"computed":true},"id":{"type":"string","description_kind":"plain","optional":true,"computed":true},"key":{"type":"string","description_kind":"plain","optional":true,"computed":true},"name":{"type":"string","description_kind":"plain","required":true},"name_alias":{"type":"string","description_kind":"plain","optional":true,"computed":true},"preempt_delay_min":{"type":"string","description_kind":"plain","optional":true,"computed":true},"preempt_delay_reload":{"type":"string","description_kind":"plain","optional":true,"computed":true},"preempt_delay_sync":{"type":"string","description_kind":"plain","optional":true,"computed":true},"prio":{"type":"string","description_kind":"plain","optional":true,"computed":true},"tenant_dn":{"type":"string","description_kind":"plain","required":true},"timeout":{"type":"string","description_kind":"plain","optional":true,"computed":true}},"description_kind":"plain"}},"aci_hsrp_interface_policy":{"version":1,"block":{"attributes":{"annotation":{"type":"string","description_kind":"plain","optional":true,"computed":true},"ctrl":{"type":"string","description_kind":"plain","optional":true,"computed":true},"delay":{"type":"string","description_kind":"plain","optional":true,"computed":true},"description":{"type":"string","description_kind":"plain","optional":true,"computed":true},"id":{"type":"string","description_kind":"plain","optional":true,"computed":true},"name":{"type":"string","description_kind":"plain","required":true},"name_alias":{"type":"string","description_kind":"plain","optional":true,"computed":true},"reload_delay":{"type":"string","description_kind":"plain","optional":true,"computed":true},"tenant_dn":{"type":"string","description_kind":"plain","required":true}},"description_kind":"plain"}},"aci_imported_contract":{"version":1,"block":{"attributes":{"annotation":{"type":"string","description_kind":"plain","optional":true,"computed":true},"description":{"type":"string","description_kind":"plain","optional":true,"computed":true},"id":{"type":"string","description_kind":"plain","optional":true,"computed":true},"name":{"type":"string","description_kind":"plain","required":true},"name_alias":{"type":"string","description_kind":"plain","optional":true,"computed":true},"tenant_dn":{"type":"string","description_kind":"plain","required":true}},"description_kind":"plain"}},"aci_interface_fc_policy":{"version":1,"block":{"attributes":{"annotation":{"type":"string","description_kind":"plain","optional":true,"computed":true},"automaxspeed":{"type":"string","description_kind":"plain","optional":true,"computed":true},"description":{"type":"string","description_kind":"plain","optional":true,"computed":true},"fill_pattern":{"type":"string","description_kind":"plain","optional":true,"computed":true},"id":{"type":"string","description_kind":"plain","optional":true,"computed":true},"name":{"type":"string","description_kind":"plain","required":true},"name_alias":{"type":"string","description_kind":"plain","optional":true,"computed":true},"port_mode":{"type":"string","description_kind":"plain","optional":true,"computed":true},"rx_bb_credit":{"type":"string","description_kind":"plain","optional":true,"computed":true},"speed":{"type":"string","description_kind":"plain","optional":true,"computed":true},"trunk_mode":{"type":"string","description_kind":"plain","optional":true,"computed":true}},"description_kind":"plain"}},"aci_l2_domain":{"version":1,"block":{"attributes":{"annotation":{"type":"string","description_kind":"plain","optional":true,"computed":true},"id":{"type":"string","description_kind":"plain","optional":true,"computed":true},"name":{"type":"string","description_kind":"plain","required":true},"name_alias":{"type":"string","description_kind":"plain","optional":true,"computed":true}},"description_kind":"plain"}},"aci_l2_interface_policy":{"version":1,"block":{"attributes":{"annotation":{"type":"string","description_kind":"plain","optional":true,"computed":true},"description":{"type":"string","description_kind":"plain","optional":true,"computed":true},"id":{"type":"string","description_kind":"plain","optional":true,"computed":true},"name":{"type":"string","description_kind":"plain","required":true},"name_alias":{"type":"string","description_kind":"plain","optional":true,"computed":true},"qinq":{"type":"string","description_kind":"plain","optional":true,"computed":true},"vepa":{"type":"string","description_kind":"plain","optional":true,"computed":true},"vlan_scope":{"type":"string","description_kind":"plain","optional":true,"computed":true}},"description_kind":"plain"}},"aci_l2_outside":{"version":1,"block":{"attributes":{"annotation":{"type":"string","description_kind":"plain","optional":true,"computed":true},"description":{"type":"string","description_kind":"plain","optional":true,"computed":true},"id":{"type":"string","description_kind":"plain","optional":true,"computed":true},"name":{"type":"string","description_kind":"plain","required":true},"name_alias":{"type":"string","description_kind":"plain","optional":true,"computed":true},"target_dscp":{"type":"string","description_kind":"plain","optional":true,"computed":true},"tenant_dn":{"type":"string","description_kind":"plain","required":true}},"description_kind":"plain"}},"aci_l2out_extepg":{"version":1,"block":{"attributes":{"annotation":{"type":"string","description_kind":"plain","optional":true,"computed":true},"description":{"type":"string","description_kind":"plain","optional":true,"computed":true},"exception_tag":{"type":"string","description_kind":"plain","optional":true,"computed":true},"flood_on_encap":{"type":"string","description_kind":"plain","optional":true,"computed":true},"id":{"type":"string","description_kind":"plain","optional":true,"computed":true},"l2_outside_dn":{"type":"string","description_kind":"plain","required":true},"match_t":{"type":"string","description_kind":"plain","optional":true,"computed":true},"name":{"type":"string","description_kind":"plain","required":true},"name_alias":{"type":"string","description_kind":"plain","optional":true,"computed":true},"pref_gr_memb":{"type":"string","description_kind":"plain","optional":true,"computed":true},"prio":{"type":"string","description_kind":"plain","optional":true,"computed":true},"target_dscp":{"type":"string","description_kind":"plain","optional":true,"computed":true}},"description_kind":"plain"}},"aci_l3_domain_profile":{"version":1,"block":{"attributes":{"annotation":{"type":"string","description_kind":"plain","optional":true,"computed":true},"id":{"type":"string","description_kind":"plain","optional":true,"computed":true},"name":{"type":"string","description_kind":"plain","required":true},"name_alias":{"type":"string","description_kind":"plain","optional":true,"computed":true}},"description_kind":"plain"}},"aci_l3_ext_subnet":{"version":1,"block":{"attributes":{"aggregate":{"type":"string","description_kind":"plain","optional":true,"computed":true},"annotation":{"type":"string","description_kind":"plain","optional":true,"computed":true},"description":{"type":"string","description_kind":"plain","optional":true,"computed":true},"external_network_instance_profile_dn":{"type":"string","description_kind":"plain","required":true},"id":{"type":"string","description_kind":"plain","optional":true,"computed":true},"ip":{"type":"string","description_kind":"plain","required":true},"name_alias":{"type":"string","description_kind":"plain","optional":true,"computed":true},"scope":{"type":["list","string"],"description_kind":"plain","optional":true,"computed":true}},"description_kind":"plain"}},"aci_l3_outside":{"version":1,"block":{"attributes":{"annotation":{"type":"string","description_kind":"plain","optional":true,"computed":true},"description":{"type":"string","description_kind":"plain","optional":true,"computed":true},"enforce_rtctrl":{"type":["list","string"],"description_kind":"plain","optional":true,"computed":true},"id":{"type":"string","description_kind":"plain","optional":true,"computed":true},"name":{"type":"string","description_kind":"plain","required":true},"name_alias":{"type":"string","description_kind":"plain","optional":true,"computed":true},"target_dscp":{"type":"string","description_kind":"plain","optional":true,"computed":true},"tenant_dn":{"type":"string","description_kind":"plain","required":true}},"description_kind":"plain"}},"aci_l3out_bfd_interface_profile":{"version":1,"block":{"attributes":{"annotation":{"type":"string","description_kind":"plain","optional":true,"computed":true},"description":{"type":"string","description_kind":"plain","optional":true,"computed":true},"id":{"type":"string","description_kind":"plain","optional":true,"computed":true},"interface_profile_type":{"type":"string","description_kind":"plain","optional":true,"computed":true},"key":{"type":"string","description_kind":"plain","optional":true,"computed":true},"key_id":{"type":"string","description_kind":"plain","optional":true,"computed":true},"logical_interface_profile_dn":{"type":"string","description_kind":"plain","required":true},"name_alias":{"type":"string","description_kind":"plain","optional":true,"computed":true}},"description_kind":"plain"}},"aci_l3out_bgp_external_policy":{"version":1,"block":{"attributes":{"annotation":{"type":"string","description_kind":"plain","optional":true,"computed":true},"description":{"type":"string","description_kind":"plain","optional":true,"computed":true},"id":{"type":"string","description_kind":"plain","optional":true,"computed":true},"l3_outside_dn":{"type":"string","description_kind":"plain","required":true},"name_alias":{"type":"string","description_kind":"plain","optional":true,"computed":true}},"description_kind":"plain"}},"aci_l3out_bgp_protocol_profile":{"version":1,"block":{"attributes":{"annotation":{"type":"string","description_kind":"plain","optional":true,"computed":true},"id":{"type":"string","description_kind":"plain","optional":true,"computed":true},"logical_node_profile_dn":{"type":"string","description_kind":"plain","required":true},"name_alias":{"type":"string","description_kind":"plain","optional":true,"computed":true}},"description_kind":"plain"}},"aci_l3out_floating_svi":{"version":1,"block":{"attributes":{"addr":{"type":"string","description_kind":"plain","optional":true,"computed":true},"annotation":{"type":"string","description_kind":"plain","optional":true,"computed":true},"autostate":{"type":"string","description_kind":"plain","optional":true,"computed":true},"description":{"type":"string","description_kind":"plain","optional":true,"computed":true},"encap":{"type":"string","description_kind":"plain","required":true},"encap_scope":{"type":"string","description_kind":"plain","optional":true,"computed":true},"id":{"type":"string","description_kind":"plain","optional":true,"computed":true},"if_inst_t":{"type":"string","description_kind":"plain","optional":true,"computed":true},"ipv6_dad":{"type":"string","description_kind":"plain","optional":true,"computed":true},"ll_addr":{"type":"string","description_kind":"plain","optional":true,"computed":true},"logical_interface_profile_dn":{"type":"string","description_kind":"plain","required":true},"mac":{"type":"string","description_kind":"plain","optional":true,"computed":true},"mode":{"type":"string","description_kind":"plain","optional":true,"computed":true},"mtu":{"type":"string","description_kind":"plain","optional":true,"computed":true},"node_dn":{"type":"string","description_kind":"plain","required":true},"target_dscp":{"type":"string","description_kind":"plain","optional":true,"computed":true}},"description_kind":"plain"}},"aci_l3out_hsrp_interface_group":{"version":1,"block":{"attributes":{"annotation":{"type":"string","description_kind":"plain","optional":true,"computed":true},"config_issues":{"type":"string","description_kind":"plain","optional":true,"computed":true},"description":{"type":"string","description_kind":"plain","optional":true,"computed":true},"group_af":{"type":"string","description_kind":"plain","optional":true,"computed":true},"group_id":{"type":"string","description_kind":"plain","optional":true,"computed":true},"group_name":{"type":"string","description_kind":"plain","optional":true,"computed":true},"id":{"type":"string","description_kind":"plain","optional":true,"computed":true},"ip":{"type":"string","description_kind":"plain","optional":true,"computed":true},"ip_obtain_mode":{"type":"string","description_kind":"plain","optional":true,"computed":true},"l3out_hsrp_interface_profile_dn":{"type":"string","description_kind":"plain","required":true},"mac":{"type":"string","description_kind":"plain","optional":true,"computed":true},"name":{"type":"string","description_kind":"plain","required":true},"name_alias":{"type":"string","description_kind":"plain","optional":true,"computed":true}},"description_kind":"plain"}},"aci_l3out_hsrp_interface_profile":{"version":1,"block":{"attributes":{"annotation":{"type":"string","description_kind":"plain","optional":true,"computed":true},"description":{"type":"string","description_kind":"plain","optional":true,"computed":true},"id":{"type":"string","description_kind":"plain","optional":true,"computed":true},"logical_interface_profile_dn":{"type":"string","description_kind":"plain","required":true},"name_alias":{"type":"string","description_kind":"plain","optional":true,"computed":true},"version":{"type":"string","description_kind":"plain","optional":true,"computed":true}},"description_kind":"plain"}},"aci_l3out_hsrp_secondary_vip":{"version":1,"block":{"attributes":{"annotation":{"type":"string","description_kind":"plain","optional":true,"computed":true},"config_issues":{"type":"string","description_kind":"plain","optional":true,"computed":true},"description":{"type":"string","description_kind":"plain","optional":true,"computed":true},"id":{"type":"string","description_kind":"plain","optional":true,"computed":true},"ip":{"type":"string","description_kind":"plain","required":true},"l3out_hsrp_interface_group_dn":{"type":"string","description_kind":"plain","required":true},"name_alias":{"type":"string","description_kind":"plain","optional":true,"computed":true}},"description_kind":"plain"}},"aci_l3out_loopback_interface_profile":{"version":1,"block":{"attributes":{"addr":{"type":"string","description_kind":"plain","required":true},"annotation":{"type":"string","description_kind":"plain","optional":true,"computed":true},"description":{"type":"string","description_kind":"plain","optional":true,"computed":true},"fabric_node_dn":{"type":"string","description_kind":"plain","required":true},"id":{"type":"string","description_kind":"plain","optional":true,"computed":true},"name_alias":{"type":"string","description_kind":"plain","optional":true,"computed":true}},"description_kind":"plain"}},"aci_l3out_ospf_external_policy":{"version":1,"block":{"attributes":{"annotation":{"type":"string","description_kind":"plain","optional":true,"computed":true},"area_cost":{"type":"string","description_kind":"plain","optional":true,"computed":true},"area_ctrl":{"type":"string","description_kind":"plain","optional":true,"computed":true},"area_id":{"type":"string","description_kind":"plain","optional":true,"computed":true},"area_type":{"type":"string","description_kind":"plain","optional":true,"computed":true},"description":{"type":"string","description_kind":"plain","optional":true,"computed":true},"id":{"type":"string","description_kind":"plain","optional":true,"computed":true},"l3_outside_dn":{"type":"string","description_kind":"plain","required":true},"multipod_internal":{"type":"string","description_kind":"plain","optional":true,"computed":true},"name_alias":{"type":"string","description_kind":"plain","optional":true,"computed":true}},"description_kind":"plain"}},"aci_l3out_ospf_interface_profile":{"version":1,"block":{"attributes":{"annotation":{"type":"string","description_kind":"plain","optional":true,"computed":true},"auth_key":{"type":"string","description_kind":"plain","optional":true,"computed":true},"auth_key_id":{"type":"string","description_kind":"plain","optional":true,"computed":true},"auth_type":{"type":"string","description_kind":"plain","optional":true,"computed":true},"description":{"type":"string","description_kind":"plain","optional":true,"computed":true},"id":{"type":"string","description_kind":"plain","optional":true,"computed":true},"logical_interface_profile_dn":{"type":"string","description_kind":"plain","required":true},"name_alias":{"type":"string","description_kind":"plain","optional":true,"computed":true}},"description_kind":"plain"}},"aci_l3out_path_attachment":{"version":1,"block":{"attributes":{"addr":{"type":"string","description_kind":"plain","optional":true,"computed":true},"annotation":{"type":"string","description_kind":"plain","optional":true,"computed":true},"autostate":{"type":"string","description_kind":"plain","optional":true,"computed":true},"description":{"type":"string","description_kind":"plain","optional":true,"computed":true},"encap":{"type":"string","description_kind":"plain","optional":true,"computed":true},"encap_scope":{"type":"string","description_kind":"plain","optional":true,"computed":true},"id":{"type":"string","description_kind":"plain","optional":true,"computed":true},"if_inst_t":{"type":"string","description_kind":"plain","optional":true,"computed":true},"ipv6_dad":{"type":"string","description_kind":"plain","optional":true,"computed":true},"ll_addr":{"type":"string","description_kind":"plain","optional":true,"computed":true},"logical_interface_profile_dn":{"type":"string","description_kind":"plain","required":true},"mac":{"type":"string","description_kind":"plain","optional":true,"computed":true},"mode":{"type":"string","description_kind":"plain","optional":true,"computed":true},"mtu":{"type":"string","description_kind":"plain","optional":true,"computed":true},"target_dn":{"type":"string","description_kind":"plain","required":true},"target_dscp":{"type":"string","description_kind":"plain","optional":true,"computed":true}},"description_kind":"plain"}},"aci_l3out_path_attachment_secondary_ip":{"version":1,"block":{"attributes":{"addr":{"type":"string","description_kind":"plain","required":true},"annotation":{"type":"string","description_kind":"plain","optional":true,"computed":true},"description":{"type":"string","description_kind":"plain","optional":true,"computed":true},"id":{"type":"string","description_kind":"plain","optional":true,"computed":true},"ipv6_dad":{"type":"string","description_kind":"plain","optional":true,"computed":true},"l3out_path_attachment_dn":{"type":"string","description_kind":"plain","required":true},"name_alias":{"type":"string","description_kind":"plain","optional":true,"computed":true}},"description_kind":"plain"}},"aci_l3out_route_tag_policy":{"version":1,"block":{"attributes":{"annotation":{"type":"string","description_kind":"plain","optional":true,"computed":true},"description":{"type":"string","description_kind":"plain","optional":true,"computed":true},"id":{"type":"string","description_kind":"plain","optional":true,"computed":true},"name":{"type":"string","description_kind":"plain","required":true},"name_alias":{"type":"string","description_kind":"plain","optional":true,"computed":true},"tag":{"type":"string","description_kind":"plain","optional":true,"computed":true},"tenant_dn":{"type":"string","description_kind":"plain","required":true}},"description_kind":"plain"}},"aci_l3out_static_route":{"version":1,"block":{"attributes":{"aggregate":{"type":"string","description_kind":"plain","optional":true,"computed":true},"annotation":{"type":"string","description_kind":"plain","optional":true,"computed":true},"description":{"type":"string","description_kind":"plain","optional":true,"computed":true},"fabric_node_dn":{"type":"string","description_kind":"plain","required":true},"id":{"type":"string","description_kind":"plain","optional":true,"computed":true},"ip":{"type":"string","description_kind":"plain","required":true},"name_alias":{"type":"string","description_kind":"plain","optional":true,"computed":true},"pref":{"type":"string","description_kind":"plain","optional":true,"computed":true},"rt_ctrl":{"type":"string","description_kind":"plain","optional":true,"computed":true}},"description_kind":"plain"}},"aci_l3out_static_route_next_hop":{"version":1,"block":{"attributes":{"annotation":{"type":"string","description_kind":"plain","optional":true,"computed":true},"description":{"type":"string","description_kind":"plain","optional":true,"computed":true},"id":{"type":"string","description_kind":"plain","optional":true,"computed":true},"name_alias":{"type":"string","description_kind":"plain","optional":true,"computed":true},"nexthop_profile_type":{"type":"string","description_kind":"plain","optional":true,"computed":true},"nh_addr":{"type":"string","description_kind":"plain","required":true},"pref":{"type":"string","description_kind":"plain","optional":true,"computed":true},"static_route_dn":{"type":"string","description_kind":"plain","required":true}},"description_kind":"plain"}},"aci_l3out_vpc_member":{"version":1,"block":{"attributes":{"addr":{"type":"string","description_kind":"plain","optional":true,"computed":true},"annotation":{"type":"string","description_kind":"plain","optional":true,"computed":true},"description":{"type":"string","description_kind":"plain","optional":true,"computed":true},"id":{"type":"string","description_kind":"plain","optional":true,"computed":true},"ipv6_dad":{"type":"string","description_kind":"plain","optional":true,"computed":true},"leaf_port_dn":{"type":"string","description_kind":"plain","required":true},"ll_addr":{"type":"string","description_kind":"plain","optional":true,"computed":true},"name_alias":{"type":"string","description_kind":"plain","optional":true,"computed":true},"side":{"type":"string","description_kind":"plain","required":true}},"description_kind":"plain"}},"aci_l4_l7_service_graph_template":{"version":1,"block":{"attributes":{"annotation":{"type":"string","description_kind":"plain","optional":true,"computed":true},"description":{"type":"string","description_kind":"plain","optional":true,"computed":true},"id":{"type":"string","description_kind":"plain","optional":true,"computed":true},"l4_l7_service_graph_template_type":{"type":"string","description_kind":"plain","optional":true,"computed":true},"name":{"type":"string","description_kind":"plain","required":true},"name_alias":{"type":"string","description_kind":"plain","optional":true,"computed":true},"tenant_dn":{"type":"string","description_kind":"plain","required":true},"ui_template_type":{"type":"string","description_kind":"plain","optional":true,"computed":true}},"description_kind":"plain"}},"aci_lacp_policy":{"version":1,"block":{"attributes":{"annotation":{"type":"string","description_kind":"plain","optional":true,"computed":true},"ctrl":{"type":["list","string"],"description_kind":"plain","optional":true,"computed":true},"description":{"type":"string","description_kind":"plain","optional":true,"computed":true},"id":{"type":"string","description_kind":"plain","optional":true,"computed":true},"max_links":{"type":"string","description_kind":"plain","optional":true,"computed":true},"min_links":{"type":"string","description_kind":"plain","optional":true,"computed":true},"mode":{"type":"string","description_kind":"plain","optional":true,"computed":true},"name":{"type":"string","description_kind":"plain","required":true},"name_alias":{"type":"string","description_kind":"plain","optional":true,"computed":true}},"description_kind":"plain"}},"aci_leaf_access_bundle_policy_group":{"version":1,"block":{"attributes":{"annotation":{"type":"string","description_kind":"plain","optional":true,"computed":true},"description":{"type":"string","description_kind":"plain","optional":true,"computed":true},"id":{"type":"string","description_kind":"plain","optional":true,"computed":true},"lag_t":{"type":"string","description_kind":"plain","optional":true,"computed":true},"name":{"type":"string","description_kind":"plain","required":true},"name_alias":{"type":"string","description_kind":"plain","optional":true,"computed":true}},"description_kind":"plain"}},"aci_leaf_access_port_policy_group":{"version":1,"block":{"attributes":{"annotation":{"type":"string","description_kind":"plain","optional":true,"computed":true},"description":{"type":"string","description_kind":"plain","optional":true,"computed":true},"id":{"type":"string","description_kind":"plain","optional":true,"computed":true},"name":{"type":"string","description_kind":"plain","required":true},"name_alias":{"type":"string","description_kind":"plain","optional":true,"computed":true}},"description_kind":"plain"}},"aci_leaf_breakout_port_group":{"version":1,"block":{"attributes":{"annotation":{"type":"string","description_kind":"plain","optional":true,"computed":true},"brkout_map":{"type":"string","description_kind":"plain","optional":true,"computed":true},"description":{"type":"string","description_kind":"plain","optional":true,"computed":true},"id":{"type":"string","description_kind":"plain","optional":true,"computed":true},"name":{"type":"string","description_kind":"plain","required":true},"name_alias":{"type":"string","description_kind":"plain","optional":true,"computed":true}},"description_kind":"plain"}},"aci_leaf_interface_profile":{"version":1,"block":{"attributes":{"annotation":{"type":"string","description_kind":"plain","optional":true,"computed":true},"description":{"type":"string","description_kind":"plain","optional":true,"computed":true},"id":{"type":"string","description_kind":"plain","optional":true,"computed":true},"name":{"type":"string","description_kind":"plain","required":true},"name_alias":{"type":"string","description_kind":"plain","optional":true,"computed":true}},"description_kind":"plain"}},"aci_leaf_profile":{"version":1,"block":{"attributes":{"annotation":{"type":"string","description_kind":"plain","optional":true,"computed":true},"description":{"type":"string","description_kind":"plain","optional":true,"computed":true},"id":{"type":"string","description_kind":"plain","optional":true,"computed":true},"name":{"type":"string","description_kind":"plain","required":true},"name_alias":{"type":"string","description_kind":"plain","optional":true,"computed":true}},"description_kind":"plain"}},"aci_leaf_selector":{"version":1,"block":{"attributes":{"annotation":{"type":"string","description_kind":"plain","optional":true,"computed":true},"description":{"type":"string","description_kind":"plain","optional":true,"computed":true},"id":{"type":"string","description_kind":"plain","optional":true,"computed":true},"leaf_profile_dn":{"type":"string","description_kind":"plain","required":true},"name":{"type":"string","description_kind":"plain","required":true},"name_alias":{"type":"string","description_kind":"plain","optional":true,"computed":true},"switch_association_type":{"type":"string","description_kind":"plain","required":true}},"description_kind":"plain"}},"aci_lldp_interface_policy":{"version":1,"block":{"attributes":{"admin_rx_st":{"type":"string","description_kind":"plain","optional":true,"computed":true},"admin_tx_st":{"type":"string","description_kind":"plain","optional":true,"computed":true},"annotation":{"type":"string","description_kind":"plain","optional":true,"computed":true},"description":{"type":"string","description_kind":"plain","optional":true,"computed":true},"id":{"type":"string","description_kind":"plain","optional":true,"computed":true},"name":{"type":"string","description_kind":"plain","required":true},"name_alias":{"type":"string","description_kind":"plain","optional":true,"computed":true}},"description_kind":"plain"}},"aci_local_user":{"version":1,"block":{"attributes":{"account_status":{"type":"string","description_kind":"plain","optional":true,"computed":true},"annotation":{"type":"string","description_kind":"plain","optional":true,"computed":true},"cert_attribute":{"type":"string","description_kind":"plain","optional":true,"computed":true},"clear_pwd_history":{"type":"string","description_kind":"plain","optional":true,"computed":true},"description":{"type":"string","description_kind":"plain","optional":true,"computed":true},"email":{"type":"string","description_kind":"plain","optional":true,"computed":true},"expiration":{"type":"string","description_kind":"plain","optional":true,"computed":true},"expires":{"type":"string","description_kind":"plain","optional":true,"computed":true},"first_name":{"type":"string","description_kind":"plain","optional":true,"computed":true},"id":{"type":"string","description_kind":"plain","optional":true,"computed":true},"last_name":{"type":"string","description_kind":"plain","optional":true,"computed":true},"name":{"type":"string","description_kind":"plain","required":true},"name_alias":{"type":"string","description_kind":"plain","optional":true,"computed":true},"otpenable":{"type":"string","description_kind":"plain","optional":true,"computed":true},"otpkey":{"type":"string","description_kind":"plain","optional":true,"computed":true},"phone":{"type":"string","description_kind":"plain","optional":true,"computed":true},"pwd":{"type":"string","description_kind":"plain","optional":true,"computed":true},"pwd_life_time":{"type":"string","description_kind":"plain","optional":true,"computed":true},"pwd_update_required":{"type":"string","description_kind":"plain","optional":true,"computed":true},"rbac_string":{"type":"string","description_kind":"plain","optional":true,"computed":true},"unix_user_id":{"type":"string","description_kind":"plain","optional":true,"computed":true}},"description_kind":"plain"}},"aci_logical_device_context":{"version":1,"block":{"attributes":{"annotation":{"type":"string","description_kind":"plain","optional":true,"computed":true},"context":{"type":"string","description_kind":"plain","optional":true,"computed":true},"ctrct_name_or_lbl":{"type":"string","description_kind":"plain","required":true},"description":{"type":"string","description_kind":"plain","optional":true,"computed":true},"graph_name_or_lbl":{"type":"string","description_kind":"plain","required":true},"id":{"type":"string","description_kind":"plain","optional":true,"computed":true},"name_alias":{"type":"string","description_kind":"plain","optional":true,"computed":true},"node_name_or_lbl":{"type":"string","description_kind":"plain","required":true},"tenant_dn":{"type":"string","description_kind":"plain","required":true}},"description_kind":"plain"}},"aci_logical_interface_context":{"version":1,"block":{"attributes":{"annotation":{"type":"string","description_kind":"plain","optional":true,"computed":true},"conn_name_or_lbl":{"type":"string","description_kind":"plain","required":true},"description":{"type":"string","description_kind":"plain","optional":true,"computed":true},"id":{"type":"string","description_kind":"plain","optional":true,"computed":true},"l3_dest":{"type":"string","description_kind":"plain","optional":true,"computed":true},"logical_device_context_dn":{"type":"string","description_kind":"plain","required":true},"name_alias":{"type":"string","description_kind":"plain","optional":true,"computed":true},"permit_log":{"type":"string","description_kind":"plain","optional":true,"computed":true}},"description_kind":"plain"}},"aci_logical_interface_profile":{"version":1,"block":{"attributes":{"annotation":{"type":"string","description_kind":"plain","optional":true,"computed":true},"description":{"type":"string","description_kind":"plain","optional":true,"computed":true},"id":{"type":"string","description_kind":"plain","optional":true,"computed":true},"logical_node_profile_dn":{"type":"string","description_kind":"plain","required":true},"name":{"type":"string","description_kind":"plain","required":true},"name_alias":{"type":"string","description_kind":"plain","optional":true,"computed":true},"prio":{"type":"string","description_kind":"plain","optional":true,"computed":true},"tag":{"type":"string","description_kind":"plain","optional":true,"computed":true}},"description_kind":"plain"}},"aci_logical_node_profile":{"version":1,"block":{"attributes":{"annotation":{"type":"string","description_kind":"plain","optional":true,"computed":true},"config_issues":{"type":"string","description_kind":"plain","optional":true,"computed":true},"description":{"type":"string","description_kind":"plain","optional":true,"computed":true},"id":{"type":"string","description_kind":"plain","optional":true,"computed":true},"l3_outside_dn":{"type":"string","description_kind":"plain","required":true},"name":{"type":"string","description_kind":"plain","required":true},"name_alias":{"type":"string","description_kind":"plain","optional":true,"computed":true},"tag":{"type":"string","description_kind":"plain","optional":true,"computed":true},"target_dscp":{"type":"string","description_kind":"plain","optional":true,"computed":true}},"description_kind":"plain"}},"aci_logical_node_to_fabric_node":{"version":1,"block":{"attributes":{"annotation":{"type":"string","description_kind":"plain","optional":true,"computed":true},"config_issues":{"type":"string","description_kind":"plain","optional":true,"computed":true},"description":{"type":"string","description_kind":"plain","optional":true,"computed":true},"id":{"type":"string","description_kind":"plain","optional":true,"computed":true},"logical_node_profile_dn":{"type":"string","description_kind":"plain","required":true},"rtr_id":{"type":"string","description_kind":"plain","optional":true,"computed":true},"rtr_id_loop_back":{"type":"string","description_kind":"plain","optional":true,"computed":true},"tdn":{"type":"string","description_kind":"plain","required":true}},"description_kind":"plain"}},"aci_maintenance_group_node":{"version":1,"block":{"attributes":{"annotation":{"type":"string","description_kind":"plain","optional":true,"computed":true},"description":{"type":"string","description_kind":"plain","optional":true,"computed":true},"from_":{"type":"string","description_kind":"plain","optional":true,"computed":true},"id":{"type":"string","description_kind":"plain","optional":true,"computed":true},"name":{"type":"string","description_kind":"plain","required":true},"name_alias":{"type":"string","description_kind":"plain","optional":true,"computed":true},"pod_maintenance_group_dn":{"type":"string","description_kind":"plain","required":true},"to_":{"type":"string","description_kind":"plain","optional":true,"computed":true}},"description_kind":"plain"}},"aci_maintenance_policy":{"version":1,"block":{"attributes":{"admin_st":{"type":"string","description_kind":"plain","optional":true,"computed":true},"annotation":{"type":"string","description_kind":"plain","optional":true,"computed":true},"description":{"type":"string","description_kind":"plain","optional":true,"computed":true},"graceful":{"type":"string","description_kind":"plain","optional":true,"computed":true},"id":{"type":"string","description_kind":"plain","optional":true,"computed":true},"ignore_compat":{"type":"string","description_kind":"plain","optional":true,"computed":true},"internal_label":{"type":"string","description_kind":"plain","optional":true,"computed":true},"name":{"type":"string","description_kind":"plain","required":true},"name_alias":{"type":"string","description_kind":"plain","optional":true,"computed":true},"notif_cond":{"type":"string","description_kind":"plain","optional":true,"computed":true},"run_mode":{"type":"string","description_kind":"plain","optional":true,"computed":true},"version":{"type":"string","description_kind":"plain","optional":true,"computed":true},"version_check_override":{"type":"string","description_kind":"plain","optional":true,"computed":true}},"description_kind":"plain"}},"aci_miscabling_protocol_interface_policy":{"version":1,"block":{"attributes":{"admin_st":{"type":"string","description_kind":"plain","optional":true,"computed":true},"annotation":{"type":"string","description_kind":"plain","optional":true,"computed":true},"description":{"type":"string","description_kind":"plain","optional":true,"computed":true},"id":{"type":"string","description_kind":"plain","optional":true,"computed":true},"name":{"type":"string","description_kind":"plain","required":true},"name_alias":{"type":"string","description_kind":"plain","optional":true,"computed":true}},"description_kind":"plain"}},"aci_monitoring_policy":{"version":1,"block":{"attributes":{"annotation":{"type":"string","description_kind":"plain","optional":true,"computed":true},"description":{"type":"string","description_kind":"plain","optional":true,"computed":true},"id":{"type":"string","description_kind":"plain","optional":true,"computed":true},"name":{"type":"string","description_kind":"plain","required":true},"name_alias":{"type":"string","description_kind":"plain","optional":true,"computed":true},"tenant_dn":{"type":"string","description_kind":"plain","required":true}},"description_kind":"plain"}},"aci_node_block":{"version":1,"block":{"attributes":{"annotation":{"type":"string","description_kind":"plain","optional":true,"computed":true},"description":{"type":"string","description_kind":"plain","optional":true,"computed":true},"from_":{"type":"string","description_kind":"plain","optional":true,"computed":true},"id":{"type":"string","description_kind":"plain","optional":true,"computed":true},"name":{"type":"string","description_kind":"plain","required":true},"name_alias":{"type":"string","description_kind":"plain","optional":true,"computed":true},"switch_association_dn":{"type":"string","description_kind":"plain","required":true},"to_":{"type":"string","description_kind":"plain","optional":true,"computed":true}},"description_kind":"plain"}},"aci_node_block_firmware":{"version":1,"block":{"attributes":{"annotation":{"type":"string","description_kind":"plain","optional":true,"computed":true},"description":{"type":"string","description_kind":"plain","optional":true,"computed":true},"firmware_group_dn":{"type":"string","description_kind":"plain","required":true},"from_":{"type":"string","description_kind":"plain","optional":true,"computed":true},"id":{"type":"string","description_kind":"plain","optional":true,"computed":true},"name":{"type":"string","description_kind":"plain","required":true},"name_alias":{"type":"string","description_kind":"plain","optional":true,"computed":true},"to_":{"type":"string","description_kind":"plain","optional":true,"computed":true}},"description_kind":"plain"}},"aci_node_mgmt_epg":{"version":1,"block":{"attributes":{"annotation":{"type":"string","description_kind":"plain","optional":true,"computed":true},"description":{"type":"string","description_kind":"plain","optional":true,"computed":true},"encap":{"type":"string","description_kind":"plain","optional":true,"computed":true},"exception_tag":{"type":"string","description_kind":"plain","optional":true,"computed":true},"flood_on_encap":{"type":"string","description_kind":"plain","optional":true,"computed":true},"id":{"type":"string","description_kind":"plain","optional":true,"computed":true},"management_profile_dn":{"type":"string","description_kind":"plain","optional":true},"match_t":{"type":"string","description_kind":"plain","optional":true,"computed":true},"name":{"type":"string","description_kind":"plain","required":true},"name_alias":{"type":"string","description_kind":"plain","optional":true,"computed":true},"pref_gr_memb":{"type":"string","description_kind":"plain","optional":true,"computed":true},"prio":{"type":"string","description_kind":"plain","optional":true,"computed":true},"type":{"type":"string","description_kind":"plain","required":true}},"description_kind":"plain"}},"aci_ospf_interface_policy":{"version":1,"block":{"attributes":{"annotation":{"type":"string","description_kind":"plain","optional":true,"computed":true},"cost":{"type":"string","description_kind":"plain","optional":true,"computed":true},"ctrl":{"type":["list","string"],"description_kind":"plain","optional":true,"computed":true},"dead_intvl":{"type":"string","description_kind":"plain","optional":true,"computed":true},"description":{"type":"string","description_kind":"plain","optional":true,"computed":true},"hello_intvl":{"type":"string","description_kind":"plain","optional":true,"computed":true},"id":{"type":"string","description_kind":"plain","optional":true,"computed":true},"name":{"type":"string","description_kind":"plain","required":true},"name_alias":{"type":"string","description_kind":"plain","optional":true,"computed":true},"nw_t":{"type":"string","description_kind":"plain","optional":true,"computed":true},"pfx_suppress":{"type":"string","description_kind":"plain","optional":true,"computed":true},"prio":{"type":"string","description_kind":"plain","optional":true,"computed":true},"rexmit_intvl":{"type":"string","description_kind":"plain","optional":true,"computed":true},"tenant_dn":{"type":"string","description_kind":"plain","required":true},"xmit_delay":{"type":"string","description_kind":"plain","optional":true,"computed":true}},"description_kind":"plain"}},"aci_ospf_route_summarization":{"version":1,"block":{"attributes":{"annotation":{"type":"string","description_kind":"plain","optional":true,"computed":true},"cost":{"type":"string","description_kind":"plain","optional":true,"computed":true},"description":{"type":"string","description_kind":"plain","optional":true,"computed":true},"id":{"type":"string","description_kind":"plain","optional":true,"computed":true},"inter_area_enabled":{"type":"string","description_kind":"plain","optional":true,"computed":true},"name":{"type":"string","description_kind":"plain","required":true},"name_alias":{"type":"string","description_kind":"plain","optional":true,"computed":true},"tag":{"type":"string","description_kind":"plain","optional":true,"computed":true},"tenant_dn":{"type":"string","description_kind":"plain","required":true}},"description_kind":"plain"}},"aci_ospf_timers":{"version":1,"block":{"attributes":{"annotation":{"type":"string","description_kind":"plain","optional":true,"computed":true},"bw_ref":{"type":"string","description_kind":"plain","optional":true,"computed":true},"ctrl":{"type":"string","description_kind":"plain","optional":true,"computed":true},"description":{"type":"string","description_kind":"plain","optional":true,"computed":true},"dist":{"type":"string","description_kind":"plain","optional":true,"computed":true},"gr_ctrl":{"type":"string","description_kind":"plain","optional":true,"computed":true},"id":{"type":"string","description_kind":"plain","optional":true,"computed":true},"lsa_arrival_intvl":{"type":"string","description_kind":"plain","optional":true,"computed":true},"lsa_gp_pacing_intvl":{"type":"string","description_kind":"plain","optional":true,"computed":true},"lsa_hold_intvl":{"type":"string","description_kind":"plain","optional":true,"computed":true},"lsa_max_intvl":{"type":"string","description_kind":"plain","optional":true,"computed":true},"lsa_start_intvl":{"type":"string","description_kind":"plain","optional":true,"computed":true},"max_ecmp":{"type":"string","description_kind":"plain","optional":true,"computed":true},"max_lsa_action":{"type":"string","description_kind":"plain","optional":true,"computed":true},"max_lsa_num":{"type":"string","description_kind":"plain","optional":true,"computed":true},"max_lsa_reset_intvl":{"type":"string","description_kind":"plain","optional":true,"computed":true},"max_lsa_sleep_cnt":{"type":"string","description_kind":"plain","optional":true,"computed":true},"max_lsa_sleep_intvl":{"type":"string","description_kind":"plain","optional":true,"computed":true},"max_lsa_thresh":{"type":"string","description_kind":"plain","optional":true,"computed":true},"name":{"type":"string","description_kind":"plain","required":true},"name_alias":{"type":"string","description_kind":"plain","optional":true,"computed":true},"spf_hold_intvl":{"type":"string","description_kind":"plain","optional":true,"computed":true},"spf_init_intvl":{"type":"string","description_kind":"plain","optional":true,"computed":true},"spf_max_intvl":{"type":"string","description_kind":"plain","optional":true,"computed":true},"tenant_dn":{"type":"string","description_kind":"plain","required":true}},"description_kind":"plain"}},"aci_physical_domain":{"version":1,"block":{"attributes":{"annotation":{"type":"string","description_kind":"plain","optional":true,"computed":true},"description":{"type":"string","description_kind":"plain","optional":true,"computed":true},"id":{"type":"string","description_kind":"plain","optional":true,"computed":true},"name":{"type":"string","description_kind":"plain","required":true},"name_alias":{"type":"string","description_kind":"plain","optional":true,"computed":true}},"description_kind":"plain"}},"aci_pod_maintenance_group":{"version":1,"block":{"attributes":{"annotation":{"type":"string","description_kind":"plain","optional":true,"computed":true},"description":{"type":"string","description_kind":"plain","optional":true,"computed":true},"fwtype":{"type":"string","description_kind":"plain","optional":true,"computed":true},"id":{"type":"string","description_kind":"plain","optional":true,"computed":true},"name":{"type":"string","description_kind":"plain","required":true},"name_alias":{"type":"string","description_kind":"plain","optional":true,"computed":true},"pod_maintenance_group_type":{"type":"string","description_kind":"plain","optional":true,"computed":true}},"description_kind":"plain"}},"aci_port_security_policy":{"version":1,"block":{"attributes":{"annotation":{"type":"string","description_kind":"plain","optional":true,"computed":true},"description":{"type":"string","description_kind":"plain","optional":true,"computed":true},"id":{"type":"string","description_kind":"plain","optional":true,"computed":true},"maximum":{"type":"string","description_kind":"plain","optional":true,"computed":true},"name":{"type":"string","description_kind":"plain","required":true},"name_alias":{"type":"string","description_kind":"plain","optional":true,"computed":true},"timeout":{"type":"string","description_kind":"plain","optional":true,"computed":true},"violation":{"type":"string","description_kind":"plain","optional":true,"computed":true}},"description_kind":"plain"}},"aci_ranges":{"version":1,"block":{"attributes":{"alloc_mode":{"type":"string","description_kind":"plain","optional":true,"computed":true},"annotation":{"type":"string","description_kind":"plain","optional":true,"computed":true},"description":{"type":"string","description_kind":"plain","optional":true,"computed":true},"from":{"type":"string","description_kind":"plain","required":true},"id":{"type":"string","description_kind":"plain","optional":true,"computed":true},"name_alias":{"type":"string","description_kind":"plain","optional":true,"computed":true},"role":{"type":"string","description_kind":"plain","optional":true,"computed":true},"to":{"type":"string","description_kind":"plain","required":true},"vlan_pool_dn":{"type":"string","description_kind":"plain","required":true}},"description_kind":"plain"}},"aci_rest":{"version":1,"block":{"attributes":{"class_name":{"type":"string","description_kind":"plain","optional":true,"computed":true},"content":{"type":["map","string"],"description_kind":"plain","optional":true,"computed":true},"dn":{"type":"string","description_kind":"plain","optional":true,"computed":true},"id":{"type":"string","description_kind":"plain","optional":true,"computed":true},"path":{"type":"string","description_kind":"plain","required":true}},"block_types":{"children":{"nesting_mode":"set","block":{"attributes":{"child_class_name":{"type":"string","description_kind":"plain","optional":true,"computed":true},"child_content":{"type":["map","string"],"description_kind":"plain","optional":true,"computed":true}},"description_kind":"plain"}}},"description_kind":"plain"}},"aci_service_redirect_policy":{"version":1,"block":{"attributes":{"annotation":{"type":"string","description_kind":"plain","optional":true,"computed":true},"anycast_enabled":{"type":"string","description_kind":"plain","optional":true,"computed":true},"description":{"type":"string","description_kind":"plain","optional":true,"computed":true},"dest_type":{"type":"string","description_kind":"plain","optional":true,"computed":true},"hashing_algorithm":{"type":"string","description_kind":"plain","optional":true,"computed":true},"id":{"type":"string","description_kind":"plain","optional":true,"computed":true},"max_threshold_percent":{"type":"string","description_kind":"plain","optional":true,"computed":true},"min_threshold_percent":{"type":"string","description_kind":"plain","optional":true,"computed":true},"name":{"type":"string","description_kind":"plain","required":true},"name_alias":{"type":"string","description_kind":"plain","optional":true,"computed":true},"program_local_pod_only":{"type":"string","description_kind":"plain","optional":true,"computed":true},"resilient_hash_enabled":{"type":"string","description_kind":"plain","optional":true,"computed":true},"tenant_dn":{"type":"string","description_kind":"plain","required":true},"threshold_down_action":{"type":"string","description_kind":"plain","optional":true,"computed":true},"threshold_enable":{"type":"string","description_kind":"plain","optional":true,"computed":true}},"description_kind":"plain"}},"aci_span_destination_group":{"version":1,"block":{"attributes":{"annotation":{"type":"string","description_kind":"plain","optional":true,"computed":true},"description":{"type":"string","description_kind":"plain","optional":true,"computed":true},"id":{"type":"string","description_kind":"plain","optional":true,"computed":true},"name":{"type":"string","description_kind":"plain","required":true},"name_alias":{"type":"string","description_kind":"plain","optional":true,"computed":true},"tenant_dn":{"type":"string","description_kind":"plain","required":true}},"description_kind":"plain"}},"aci_span_source_group":{"version":1,"block":{"attributes":{"admin_st":{"type":"string","description_kind":"plain","optional":true,"computed":true},"annotation":{"type":"string","description_kind":"plain","optional":true,"computed":true},"description":{"type":"string","description_kind":"plain","optional":true,"computed":true},"id":{"type":"string","description_kind":"plain","optional":true,"computed":true},"name":{"type":"string","description_kind":"plain","required":true},"name_alias":{"type":"string","description_kind":"plain","optional":true,"computed":true},"tenant_dn":{"type":"string","description_kind":"plain","required":true}},"description_kind":"plain"}},"aci_span_sourcedestination_group_match_label":{"version":1,"block":{"attributes":{"annotation":{"type":"string","description_kind":"plain","optional":true,"computed":true},"description":{"type":"string","description_kind":"plain","optional":true,"computed":true},"id":{"type":"string","description_kind":"plain","optional":true,"computed":true},"name":{"type":"string","description_kind":"plain","required":true},"name_alias":{"type":"string","description_kind":"plain","optional":true,"computed":true},"span_source_group_dn":{"type":"string","description_kind":"plain","required":true},"tag":{"type":"string","description_kind":"plain","optional":true,"computed":true}},"description_kind":"plain"}},"aci_spanning_tree_interface_policy":{"version":1,"block":{"attributes":{"annotation":{"type":"string","description_kind":"plain","optional":true,"computed":true},"ctrl":{"type":["list","string"],"description_kind":"plain","optional":true,"computed":true},"description":{"type":"string","description_kind":"plain","optional":true,"computed":true},"id":{"type":"string","description_kind":"plain","optional":true,"computed":true},"name":{"type":"string","description_kind":"plain","required":true},"name_alias":{"type":"string","description_kind":"plain","optional":true,"computed":true}},"description_kind":"plain"}},"aci_spine_interface_profile":{"version":1,"block":{"attributes":{"annotation":{"type":"string","description_kind":"plain","optional":true,"computed":true},"description":{"type":"string","description_kind":"plain","optional":true,"computed":true},"id":{"type":"string","description_kind":"plain","optional":true,"computed":true},"name":{"type":"string","description_kind":"plain","required":true},"name_alias":{"type":"string","description_kind":"plain","optional":true,"computed":true}},"description_kind":"plain"}},"aci_spine_port_policy_group":{"version":1,"block":{"attributes":{"annotation":{"type":"string","description_kind":"plain","optional":true,"computed":true},"description":{"type":"string","description_kind":"plain","optional":true,"computed":true},"id":{"type":"string","description_kind":"plain","optional":true,"computed":true},"name":{"type":"string","description_kind":"plain","required":true},"name_alias":{"type":"string","description_kind":"plain","optional":true,"computed":true}},"description_kind":"plain"}},"aci_spine_port_selector":{"version":1,"block":{"attributes":{"annotation":{"type":"string","description_kind":"plain","optional":true,"computed":true},"id":{"type":"string","description_kind":"plain","optional":true,"computed":true},"spine_profile_dn":{"type":"string","description_kind":"plain","required":true},"tdn":{"type":"string","description_kind":"plain","required":true}},"description_kind":"plain"}},"aci_spine_profile":{"version":1,"block":{"attributes":{"annotation":{"type":"string","description_kind":"plain","optional":true,"computed":true},"description":{"type":"string","description_kind":"plain","optional":true,"computed":true},"id":{"type":"string","description_kind":"plain","optional":true,"computed":true},"name":{"type":"string","description_kind":"plain","required":true},"name_alias":{"type":"string","description_kind":"plain","optional":true,"computed":true}},"description_kind":"plain"}},"aci_spine_switch_association":{"version":1,"block":{"attributes":{"annotation":{"type":"string","description_kind":"plain","optional":true,"computed":true},"description":{"type":"string","description_kind":"plain","optional":true,"computed":true},"id":{"type":"string","description_kind":"plain","optional":true,"computed":true},"name":{"type":"string","description_kind":"plain","required":true},"name_alias":{"type":"string","description_kind":"plain","optional":true,"computed":true},"spine_profile_dn":{"type":"string","description_kind":"plain","required":true},"spine_switch_association_type":{"type":"string","description_kind":"plain","required":true}},"description_kind":"plain"}},"aci_static_node_mgmt_address":{"version":1,"block":{"attributes":{"addr":{"type":"string","description_kind":"plain","optional":true,"computed":true},"annotation":{"type":"string","description_kind":"plain","optional":true,"computed":true},"description":{"type":"string","description_kind":"plain","optional":true,"computed":true},"gw":{"type":"string","description_kind":"plain","optional":true,"computed":true},"id":{"type":"string","description_kind":"plain","optional":true,"computed":true},"management_epg_dn":{"type":"string","description_kind":"plain","required":true},"t_dn":{"type":"string","description_kind":"plain","required":true},"type":{"type":"string","description_kind":"plain","required":true},"v6_addr":{"type":"string","description_kind":"plain","optional":true,"computed":true},"v6_gw":{"type":"string","description_kind":"plain","optional":true,"computed":true}},"description_kind":"plain"}},"aci_subnet":{"version":1,"block":{"attributes":{"annotation":{"type":"string","description_kind":"plain","optional":true,"computed":true},"ctrl":{"type":["list","string"],"description_kind":"plain","optional":true,"computed":true},"description":{"type":"string","description_kind":"plain","optional":true,"computed":true},"id":{"type":"string","description_kind":"plain","optional":true,"computed":true},"ip":{"type":"string","description_kind":"plain","required":true},"name_alias":{"type":"string","description_kind":"plain","optional":true,"computed":true},"parent_dn":{"type":"string","description_kind":"plain","required":true},"preferred":{"type":"string","description_kind":"plain","optional":true,"computed":true},"scope":{"type":["list","string"],"description_kind":"plain","optional":true,"computed":true},"virtual":{"type":"string","description_kind":"plain","optional":true,"computed":true}},"description_kind":"plain"}},"aci_system":{"version":0,"block":{"attributes":{"address":{"type":"string","description_kind":"plain","optional":true,"computed":true},"boot_strap_tate":{"type":"string","description_kind":"plain","optional":true,"computed":true},"child_action":{"type":"string","description_kind":"plain","optional":true,"computed":true},"config_issues":{"type":"string","description_kind":"plain","optional":true,"computed":true},"control_plane_mtu":{"type":"string","description_kind":"plain","optional":true,"computed":true},"current_time":{"type":"string","description_kind":"plain","optional":true,"computed":true},"enforce_subnet_check":{"type":"string","description_kind":"plain","optional":true,"computed":true},"etep_addr":{"type":"string","description_kind":"plain","optional":true,"computed":true},"fabric_domain":{"type":"string","description_kind":"plain","optional":true,"computed":true},"fabric_id":{"type":"string","description_kind":"plain","optional":true,"computed":true},"fabric_mac":{"type":"string","description_kind":"plain","optional":true,"computed":true},"id":{"type":"string","description_kind":"plain","optional":true,"computed":true},"inb_mgmt_addr":{"type":"string","description_kind":"plain","optional":true,"computed":true},"inb_mgmt_addr6":{"type":"string","description_kind":"plain","optional":true,"computed":true},"inb_mgmt_addr6_mask":{"type":"string","description_kind":"plain","optional":true,"computed":true},"inb_mgmt_addr_mask":{"type":"string","description_kind":"plain","optional":true,"computed":true},"inb_mgmt_gateway":{"type":"string","description_kind":"plain","optional":true,"computed":true},"inb_mgmt_gateway6":{"type":"string","description_kind":"plain","optional":true,"computed":true},"last_reboot_time":{"type":"string","description_kind":"plain","optional":true,"computed":true},"last_reset_reason":{"type":"string","description_kind":"plain","optional":true,"computed":true},"lc_own":{"type":"string","description_kind":"plain","optional":true,"computed":true},"mod_ts":{"type":"string","description_kind":"plain","optional":true,"computed":true},"mode":{"type":"string","description_kind":"plain","optional":true,"computed":true},"mon_pol_dn":{"type":"string","description_kind":"plain","optional":true,"computed":true},"name":{"type":"string","description_kind":"plain","optional":true,"computed":true},"name_alias":{"type":"string","description_kind":"plain","optional":true,"computed":true},"node_type":{"type":"string","description_kind":"plain","optional":true,"computed":true},"oob_mgmt_addr":{"type":"string","description_kind":"plain","optional":true,"computed":true},"oob_mgmt_addr6":{"type":"string","description_kind":"plain","optional":true,"computed":true},"oob_mgmt_addr6_mask":{"type":"string","description_kind":"plain","optional":true,"computed":true},"oob_mgmt_addr_mask":{"type":"string","description_kind":"plain","optional":true,"computed":true},"oob_mgmt_gateway":{"type":"string","description_kind":"plain","optional":true,"computed":true},"oob_mgmt_gateway6":{"type":"string","description_kind":"plain","optional":true,"computed":true},"pod_id":{"type":"string","description_kind":"plain","required":true},"remote_network_id":{"type":"string","description_kind":"plain","optional":true,"computed":true},"remote_node":{"type":"string","description_kind":"plain","optional":true,"computed":true},"rl_oper_pod_id":{"type":"string","description_kind":"plain","optional":true,"computed":true},"rl_routable_mode":{"type":"string","description_kind":"plain","optional":true,"computed":true},"rldirect_mode":{"type":"string","description_kind":"plain","optional":true,"computed":true},"role":{"type":"string","description_kind":"plain","optional":true,"computed":true},"serial":{"type":"string","description_kind":"plain","optional":true,"computed":true},"server_type":{"type":"string","description_kind":"plain","optional":true,"computed":true},"site_id":{"type":"string","description_kind":"plain","optional":true,"computed":true},"state":{"type":"string","description_kind":"plain","optional":true,"computed":true},"system_id":{"type":"string","description_kind":"plain","required":true},"system_uptime":{"type":"string","description_kind":"plain","optional":true,"computed":true},"tep_pool":{"type":"string","description_kind":"plain","optional":true,"computed":true},"unicast_xr_ep_learn_disable":{"type":"string","description_kind":"plain","optional":true,"computed":true},"version":{"type":"string","description_kind":"plain","optional":true,"computed":true},"virtual_mode":{"type":"string","description_kind":"plain","optional":true,"computed":true}},"description_kind":"plain"}},"aci_taboo_contract":{"version":1,"block":{"attributes":{"annotation":{"type":"string","description_kind":"plain","optional":true,"computed":true},"description":{"type":"string","description_kind":"plain","optional":true,"computed":true},"id":{"type":"string","description_kind":"plain","optional":true,"computed":true},"name":{"type":"string","description_kind":"plain","required":true},"name_alias":{"type":"string","description_kind":"plain","optional":true,"computed":true},"tenant_dn":{"type":"string","description_kind":"plain","required":true}},"description_kind":"plain"}},"aci_tenant":{"version":1,"block":{"attributes":{"annotation":{"type":"string","description_kind":"plain","optional":true,"computed":true},"description":{"type":"string","description_kind":"plain","optional":true,"computed":true},"id":{"type":"string","description_kind":"plain","optional":true,"computed":true},"name":{"type":"string","description_kind":"plain","required":true},"name_alias":{"type":"string","description_kind":"plain","optional":true,"computed":true}},"description_kind":"plain"}},"aci_trigger_scheduler":{"version":1,"block":{"attributes":{"annotation":{"type":"string","description_kind":"plain","optional":true,"computed":true},"description":{"type":"string","description_kind":"plain","optional":true,"computed":true},"id":{"type":"string","description_kind":"plain","optional":true,"computed":true},"name":{"type":"string","description_kind":"plain","required":true},"name_alias":{"type":"string","description_kind":"plain","optional":true,"computed":true}},"description_kind":"plain"}},"aci_vlan_encapsulationfor_vxlan_traffic":{"version":1,"block":{"attributes":{"annotation":{"type":"string","description_kind":"plain","optional":true,"computed":true},"attachable_access_entity_profile_dn":{"type":"string","description_kind":"plain","required":true},"description":{"type":"string","description_kind":"plain","optional":true,"computed":true},"id":{"type":"string","description_kind":"plain","optional":true,"computed":true},"name_alias":{"type":"string","description_kind":"plain","optional":true,"computed":true}},"description_kind":"plain"}},"aci_vlan_pool":{"version":1,"block":{"attributes":{"alloc_mode":{"type":"string","description_kind":"plain","required":true},"annotation":{"type":"string","description_kind":"plain","optional":true,"computed":true},"description":{"type":"string","description_kind":"plain","optional":true,"computed":true},"id":{"type":"string","description_kind":"plain","optional":true,"computed":true},"name":{"type":"string","description_kind":"plain","required":true},"name_alias":{"type":"string","description_kind":"plain","optional":true,"computed":true}},"description_kind":"plain"}},"aci_vmm_controller":{"version":1,"block":{"attributes":{"annotation":{"type":"string","description_kind":"plain","optional":true,"computed":true},"description":{"type":"string","description_kind":"plain","optional":true,"computed":true},"dvs_version":{"type":"string","description_kind":"plain","optional":true,"computed":true},"host_or_ip":{"type":"string","description_kind":"plain","optional":true,"computed":true},"id":{"type":"string","description_kind":"plain","optional":true,"computed":true},"inventory_trig_st":{"type":"string","description_kind":"plain","optional":true,"computed":true},"mode":{"type":"string","description_kind":"plain","optional":true,"computed":true},"msft_config_err_msg":{"type":"string","description_kind":"plain","optional":true,"computed":true},"msft_config_issues":{"type":["list","string"],"description_kind":"plain","optional":true,"computed":true},"n1kv_stats_mode":{"type":"string","description_kind":"plain","optional":true,"computed":true},"name":{"type":"string","description_kind":"plain","required":true},"name_alias":{"type":"string","description_kind":"plain","optional":true,"computed":true},"port":{"type":"string","description_kind":"plain","optional":true,"computed":true},"root_cont_name":{"type":"string","description_kind":"plain","optional":true,"computed":true},"scope":{"type":"string","description_kind":"plain","optional":true,"computed":true},"seq_num":{"type":"string","description_kind":"plain","optional":true,"computed":true},"stats_mode":{"type":"string","description_kind":"plain","optional":true,"computed":true},"vmm_domain_dn":{"type":"string","description_kind":"plain","required":true},"vxlan_depl_pref":{"type":"string","description_kind":"plain","optional":true,"computed":true}},"description_kind":"plain"}},"aci_vmm_credential":{"version":1,"block":{"attributes":{"annotation":{"type":"string","description_kind":"plain","optional":true,"computed":true},"description":{"type":"string","description_kind":"plain","optional":true,"computed":true},"id":{"type":"string","description_kind":"plain","optional":true,"computed":true},"name":{"type":"string","description_kind":"plain","required":true},"name_alias":{"type":"string","description_kind":"plain","optional":true,"computed":true},"pwd":{"type":"string","description_kind":"plain","optional":true,"computed":true},"usr":{"type":"string","description_kind":"plain","optional":true,"computed":true},"vmm_domain_dn":{"type":"string","description_kind":"plain","required":true}},"description_kind":"plain"}},"aci_vmm_domain":{"version":1,"block":{"attributes":{"access_mode":{"type":"string","description_kind":"plain","optional":true,"computed":true},"annotation":{"type":"string","description_kind":"plain","optional":true,"computed":true},"arp_learning":{"type":"string","description_kind":"plain","optional":true,"computed":true},"ave_time_out":{"type":"string","description_kind":"plain","optional":true,"computed":true},"config_infra_pg":{"type":"string","description_kind":"plain","optional":true,"computed":true},"ctrl_knob":{"type":"string","description_kind":"plain","optional":true,"computed":true},"delimiter":{"type":"string","description_kind":"plain","optional":true,"computed":true},"description":{"type":"string","description_kind":"plain","optional":true,"computed":true},"enable_ave":{"type":"string","description_kind":"plain","optional":true,"computed":true},"enable_tag":{"type":"string","description_kind":"plain","optional":true,"computed":true},"encap_mode":{"type":"string","description_kind":"plain","optional":true,"computed":true},"enf_pref":{"type":"string","description_kind":"plain","optional":true,"computed":true},"ep_inventory_type":{"type":"string","description_kind":"plain","optional":true,"computed":true},"ep_ret_time":{"type":"string","description_kind":"plain","optional":true,"computed":true},"hv_avail_monitor":{"type":"string","description_kind":"plain","optional":true,"computed":true},"id":{"type":"string","description_kind":"plain","optional":true,"computed":true},"mcast_addr":{"type":"string","description_kind":"plain","optional":true,"computed":true},"mode":{"type":"string","description_kind":"plain","optional":true,"computed":true},"name":{"type":"string","description_kind":"plain","required":true},"name_alias":{"type":"string","description_kind":"plain","optional":true,"computed":true},"pref_encap_mode":{"type":"string","description_kind":"plain","optional":true,"computed":true},"provider_profile_dn":{"type":"string","description_kind":"plain","required":true}},"description_kind":"plain"}},"aci_vpc_explicit_protection_group":{"version":1,"block":{"attributes":{"annotation":{"type":"string","description_kind":"plain","optional":true,"computed":true},"description":{"type":"string","description_kind":"plain","optional":true,"computed":true},"id":{"type":"string","description_kind":"plain","optional":true,"computed":true},"name":{"type":"string","description_kind":"plain","required":true},"vpc_explicit_protection_group_id":{"type":"string","description_kind":"plain","optional":true,"computed":true}},"description_kind":"plain"}},"aci_vrf":{"version":1,"block":{"attributes":{"annotation":{"type":"string","description_kind":"plain","optional":true,"computed":true},"bd_enforced_enable":{"type":"string","description_kind":"plain","optional":true,"computed":true},"description":{"type":"string","description_kind":"plain","optional":true,"computed":true},"id":{"type":"string","description_kind":"plain","optional":true,"computed":true},"ip_data_plane_learning":{"type":"string","description_kind":"plain","optional":true,"computed":true},"knw_mcast_act":{"type":"string","description_kind":"plain","optional":true,"computed":true},"name":{"type":"string","description_kind":"plain","required":true},"name_alias":{"type":"string","description_kind":"plain","optional":true,"computed":true},"pc_enf_dir":{"type":"string","description_kind":"plain","optional":true,"computed":true},"pc_enf_pref":{"type":"string","description_kind":"plain","optional":true,"computed":true},"tenant_dn":{"type":"string","description_kind":"plain","required":true}},"description_kind":"plain"}},"aci_vsan_pool":{"version":1,"block":{"attributes":{"alloc_mode":{"type":"string","description_kind":"plain","required":true},"annotation":{"type":"string","description_kind":"plain","optional":true,"computed":true},"description":{"type":"string","description_kind":"plain","optional":true,"computed":true},"id":{"type":"string","description_kind":"plain","optional":true,"computed":true},"name":{"type":"string","description_kind":"plain","required":true},"name_alias":{"type":"string","description_kind":"plain","optional":true,"computed":true}},"description_kind":"plain"}},"aci_vswitch_policy":{"version":1,"block":{"attributes":{"annotation":{"type":"string","description_kind":"plain","optional":true,"computed":true},"description":{"type":"string","description_kind":"plain","optional":true,"computed":true},"id":{"type":"string","description_kind":"plain","optional":true,"computed":true},"name_alias":{"type":"string","description_kind":"plain","optional":true,"computed":true},"vmm_domain_dn":{"type":"string","description_kind":"plain","required":true}},"description_kind":"plain"}},"aci_vxlan_pool":{"version":1,"block":{"attributes":{"annotation":{"type":"string","description_kind":"plain","optional":true,"computed":true},"description":{"type":"string","description_kind":"plain","optional":true,"computed":true},"id":{"type":"string","description_kind":"plain","optional":true,"computed":true},"name":{"type":"string","description_kind":"plain","required":true},"name_alias":{"type":"string","description_kind":"plain","optional":true,"computed":true}},"description_kind":"plain"}},"aci_x509_certificate":{"version":1,"block":{"attributes":{"annotation":{"type":"string","description_kind":"plain","optional":true,"computed":true},"data":{"type":"string","description_kind":"plain","optional":true,"computed":true},"description":{"type":"string","description_kind":"plain","optional":true,"computed":true},"id":{"type":"string","description_kind":"plain","optional":true,"computed":true},"local_user_dn":{"type":"string","description_kind":"plain","required":true},"name":{"type":"string","description_kind":"plain","required":true},"name_alias":{"type":"string","description_kind":"plain","optional":true,"computed":true}},"description_kind":"plain"}}}}}}
