{"format_version":"0.2","provider_schemas":{"registry.terraform.io/ciscodevnet/fmc":{"provider":{"version":0,"block":{"attributes":{"fmc_host":{"type":"string","description":"Hostname/IP address of the FMC","description_kind":"plain","required":true},"fmc_insecure_skip_verify":{"type":"bool","description":"Skip certificate checks if the certificate is not public CA signed, or if using IP address","description_kind":"plain","optional":true},"fmc_password":{"type":"string","description":"Password for the user to login to FMC","description_kind":"plain","required":true,"sensitive":true},"fmc_username":{"type":"string","description":"Username for the user to login to FMC","description_kind":"plain","required":true,"sensitive":true}},"description_kind":"plain"}},"resource_schemas":{"fmc_access_policies":{"version":0,"block":{"attributes":{"default_action":{"type":"string","description":"Default action for this resource, \"BLOCK\", \"TRUST\", \"PERMIT\", \"NETWORK_DISCOVERY\" or \"INHERIT_FROM_PARENT\".","description_kind":"plain","optional":true},"default_action_base_intrusion_policy_id":{"type":"string","description":"Default action base policy ID to inherit from for this resource","description_kind":"plain","optional":true},"default_action_id":{"type":"string","description":"The ID of default action of this resource","description_kind":"plain","computed":true},"default_action_log_begin":{"type":"bool","description":"Enable logging at the beginning of the connection for this resource, \"true\" or \"false","description_kind":"plain","optional":true},"default_action_log_end":{"type":"bool","description":"Enable logging at the end of the connection for this resource, \"true\" or \"false\"","description_kind":"plain","optional":true},"default_action_send_events_to_fmc":{"type":"bool","description":"Enable sending events to FMC for this resource, \"true\" or \"false\"","description_kind":"plain","optional":true},"default_action_syslog_config_id":{"type":"string","description":"Syslog configuration ID for this resource","description_kind":"plain","optional":true},"default_action_type":{"type":"string","description":"The type of default action of this resource","description_kind":"plain","computed":true},"description":{"type":"string","description":"The description of this resource","description_kind":"plain","optional":true},"id":{"type":"string","description_kind":"plain","optional":true,"computed":true},"name":{"type":"string","description":"The name of this resource","description_kind":"plain","required":true},"type":{"type":"string","description":"The type of this resource","description_kind":"plain","computed":true}},"description":"Resource for Access Control Policies in FMC\n\n## Example\nAn example is shown below: \n```hcl\nresource \"fmc_access_policies\" \"access_policy\" {\n    name = \"Terraform Access Policy\"\n    # default_action = \"block\" # Cannot have block with base IPS policy\n    default_action = \"permit\"\n    default_action_base_intrusion_policy_id = data.fmc_ips_policies.ips_policy.id\n    default_action_send_events_to_fmc = \"true\"\n    default_action_log_end = \"true\"\n    default_action_syslog_config_id = data.fmc_syslog_alerts.syslog_alert.id\n}\n```","description_kind":"plain"}},"fmc_access_rules":{"version":0,"block":{"attributes":{"acp":{"type":"string","description":"The ID of the ACP this resource belongs to","description_kind":"plain","required":true},"action":{"type":"string","description":"Action for this resource, \"ALLOW\", \"TRUST\", \"BLOCK\", \"MONITOR\", \"BLOCK_RESET\", \"BLOCK_INTERACTIVE\" or \"BLOCK_RESET_INTERACTIVE\"","description_kind":"plain","optional":true},"enable_syslog":{"type":"bool","description":"Enable syslog for this resource","description_kind":"plain","optional":true},"enabled":{"type":"bool","description":"Enable the resourceFmc","description_kind":"plain","required":true},"file_policy":{"type":"string","description":"File policy for this resource","description_kind":"plain","optional":true},"id":{"type":"string","description_kind":"plain","optional":true,"computed":true},"insert_after":{"type":"number","description":"The rule number after which to insert this resource","description_kind":"plain","optional":true},"insert_before":{"type":"number","description":"The rule number before which to insert this resource","description_kind":"plain","optional":true},"ips_policy":{"type":"string","description":"IPS policy for this resource","description_kind":"plain","optional":true},"log_begin":{"type":"bool","description":"Enable logging at the beginning of connection for this resource","description_kind":"plain","optional":true},"log_end":{"type":"bool","description":"Enable logging at the end of connection for this resource","description_kind":"plain","optional":true},"log_files":{"type":"bool","description":"Enable logging files for this resource","description_kind":"plain","optional":true},"name":{"type":"string","description":"The name of the resourceFmc","description_kind":"plain","required":true},"new_comments":{"type":["list","string"],"description":"New comments to be added for this resource","description_kind":"plain","optional":true},"section":{"type":"string","description":"Section for this resource, \"mandatory\" or \"default\"","description_kind":"plain","optional":true},"send_events_to_fmc":{"type":"bool","description":"Enable sending events to FMC for this resource","description_kind":"plain","optional":true},"syslog_config":{"type":"string","description":"Syslog configuration ID for this resource","description_kind":"plain","optional":true},"syslog_severity":{"type":"string","description":"Syslog severity for this resource, \"ALERT\", \"CRIT\", \"DEBUG\", \"EMERG\", \"ERR\", \"INFO\", \"NOTICE\" or \"WARNING\"","description_kind":"plain","optional":true},"type":{"type":"string","description":"The type of this resource","description_kind":"plain","computed":true}},"block_types":{"destination_networks":{"nesting_mode":"list","block":{"block_types":{"destination_network":{"nesting_mode":"list","block":{"attributes":{"id":{"type":"string","description":"The ID of this resource","description_kind":"plain","required":true},"type":{"type":"string","description":"The type of this resource","description_kind":"plain","required":true}},"description_kind":"plain"},"min_items":1}},"description":"Destination networks for this resource","description_kind":"plain"},"max_items":1},"destination_ports":{"nesting_mode":"list","block":{"block_types":{"destination_port":{"nesting_mode":"list","block":{"attributes":{"id":{"type":"string","description":"The ID of this resource","description_kind":"plain","required":true},"type":{"type":"string","description":"The type of this resource","description_kind":"plain","required":true}},"description_kind":"plain"},"min_items":1}},"description":"Destination ports for this resource","description_kind":"plain"},"max_items":1},"destination_zones":{"nesting_mode":"list","block":{"block_types":{"destination_zone":{"nesting_mode":"list","block":{"attributes":{"id":{"type":"string","description":"The ID of this resource","description_kind":"plain","required":true},"type":{"type":"string","description":"The type of this resource","description_kind":"plain","required":true}},"description_kind":"plain"},"min_items":1}},"description":"Destination zones for this resource","description_kind":"plain"},"max_items":1},"source_networks":{"nesting_mode":"list","block":{"block_types":{"source_network":{"nesting_mode":"list","block":{"attributes":{"id":{"type":"string","description":"The ID of this resource","description_kind":"plain","required":true},"type":{"type":"string","description":"The type of this resource","description_kind":"plain","required":true}},"description_kind":"plain"},"min_items":1}},"description":"Source networks for this resource","description_kind":"plain"},"max_items":1},"source_ports":{"nesting_mode":"list","block":{"block_types":{"source_port":{"nesting_mode":"list","block":{"attributes":{"id":{"type":"string","description":"The ID of this resource","description_kind":"plain","required":true},"type":{"type":"string","description":"The type of this resource","description_kind":"plain","required":true}},"description_kind":"plain"},"min_items":1}},"description":"Source ports for this resource","description_kind":"plain"},"max_items":1},"source_zones":{"nesting_mode":"list","block":{"block_types":{"source_zone":{"nesting_mode":"list","block":{"attributes":{"id":{"type":"string","description":"The ID of this resource","description_kind":"plain","required":true},"type":{"type":"string","description":"The type of this resource","description_kind":"plain","required":true}},"description_kind":"plain"},"min_items":1}},"description":"Source zones for this resource","description_kind":"plain"},"max_items":1},"urls":{"nesting_mode":"list","block":{"block_types":{"url":{"nesting_mode":"list","block":{"attributes":{"id":{"type":"string","description":"The ID of this resource","description_kind":"plain","required":true},"type":{"type":"string","description":"The type of this resource","description_kind":"plain","required":true}},"description_kind":"plain"},"min_items":1}},"description":"URLs for this resource","description_kind":"plain"},"max_items":1}},"description":"Resource for Access Rules in FMC\n\n## Example\nAn example is shown below: \n```hcl\nresource \"fmc_access_rules\" \"access_rule_1\" {\n    acp = fmc_access_policies.access_policy.id\n    section = \"mandatory\"\n    name = \"Test rule 1\"\n    action = \"allow\"\n    enabled = true\n    enable_syslog = true\n    syslog_severity = \"alert\"\n    send_events_to_fmc = true\n    log_files = false\n    log_end = true\n    source_zones {\n        source_zone {\n            id = data.fmc_security_zones.inside.id\n            type =  data.fmc_security_zones.inside.type\n        }\n        source_zone {\n            id = data.fmc_security_zones.outside.id\n            type =  data.fmc_security_zones.outside.type\n        }\n    }\n    destination_zones {\n        destination_zone {\n            id = data.fmc_security_zones.outside.id\n            type =  data.fmc_security_zones.outside.type\n        }\n    }\n    source_networks {\n        source_network {\n            id = data.fmc_network_objects.source.id\n            type =  data.fmc_network_objects.source.type\n        }\n    }\n    destination_networks {\n        destination_network {\n            id = data.fmc_network_objects.dest.id\n            type =  data.fmc_network_objects.dest.type\n        }\n    }\n    destination_ports {\n        destination_port {\n            id = data.fmc_port_objects.http.id\n            type =  data.fmc_port_objects.http.type\n        }\n    }\n    urls {\n        url {\n            id = fmc_url_objects.dest_url.id\n            type = \"Url\"\n        }\n    }\n    ips_policy = data.fmc_ips_policies.ips_policy.id\n    syslog_config = data.fmc_syslog_alerts.syslog_alert.id\n    new_comments = [ \"New\", \"comment\" ]\n}\n\nresource \"fmc_access_rules\" \"access_rule_2\" {\n    acp = fmc_access_policies.access_policy.id\n    section = \"mandatory\"\n    insert_before = 1 # Wont work as assumed since terraform does not \n    name = \"Test rule 2\"\n    action = \"allow\"\n    enabled = true\n    enable_syslog = true\n    syslog_severity = \"alert\"\n    send_events_to_fmc = true\n    log_files = false\n    log_end = true\n    source_zones {\n        source_zone {\n            id = data.fmc_security_zones.inside.id\n            type =  data.fmc_security_zones.inside.type\n        }\n        # source_zone {\n        #     id = data.fmc_security_zones.outside.id\n        #     type =  data.fmc_security_zones.outside.type\n        # }\n    }\n    destination_zones {\n        destination_zone {\n            id = data.fmc_security_zones.outside.id\n            type =  data.fmc_security_zones.outside.type\n        }\n    }\n    source_networks {\n        source_network {\n            id = data.fmc_network_objects.source.id\n            type =  data.fmc_network_objects.source.type\n        }\n    }\n    destination_networks {\n        destination_network {\n            id = data.fmc_network_objects.dest.id\n            type =  data.fmc_network_objects.dest.type\n        }\n    }\n    destination_ports {\n        destination_port {\n            id = data.fmc_port_objects.http.id\n            type =  data.fmc_port_objects.http.type\n        }\n    }\n    urls {\n        url {\n            id = fmc_url_objects.dest_url.id\n            type = \"Url\"\n        }\n    }\n    ips_policy = data.fmc_ips_policies.ips_policy.id\n    syslog_config = data.fmc_syslog_alerts.syslog_alert.id\n    new_comments = [ \"New comment\" ]\n    depends_on = [\n        fmc_access_rules.access_rule_1\n    ]\n}\n```\n**Note** If creating multiple rules during a single `terraform apply`, remember to use `depends_on` to chain the rules so that terraform creates it in the same order that you intended.","description_kind":"plain"}},"fmc_fqdn_objects":{"version":0,"block":{"attributes":{"description":{"type":"string","description":"The description of this resource","description_kind":"plain","optional":true},"dns_resolution":{"type":"string","description":"DNS resolution, \"IPV4_ONLY\", \"IPV6_ONLY\" or \"IPV4_AND_IPV6\"","description_kind":"plain","required":true},"id":{"type":"string","description_kind":"plain","optional":true,"computed":true},"name":{"type":"string","description":"The name of this resource","description_kind":"plain","required":true},"value":{"type":"string","description":"The value of this resource","description_kind":"plain","required":true}},"description":"Resource for FQDN Objects in FMC\n\n## Example\nAn example is shown below: \n```hcl\nresource \"fmc_fqdn_objects\" \"new\" {\n  name        = \"Cisco\"\n  value       = \"cisco.com\"\n  description = \"Cisco domain\"\n  dns_resolution = \"IPV4_ONLY\"\n}\n```","description_kind":"plain"}},"fmc_ftd_autonat_rules":{"version":0,"block":{"attributes":{"description":{"type":"string","description":"The description of this resource","description_kind":"plain","optional":true},"fallthrough":{"type":"bool","description":"Enable Fallthrough","description_kind":"plain","optional":true},"id":{"type":"string","description_kind":"plain","optional":true,"computed":true},"ipv6":{"type":"bool","description":"Enable IPv6","description_kind":"plain","optional":true},"nat_policy":{"type":"string","description":"The ID of the NAT policy this resource belongs to","description_kind":"plain","required":true},"nat_type":{"type":"string","description":"The type of this resource, \"static\" or \"dynamic\"","description_kind":"plain","required":true},"net_to_net":{"type":"bool","description":"Enable Net to Net","description_kind":"plain","optional":true},"no_proxy_arp":{"type":"bool","description":"Disable Proxy ARP","description_kind":"plain","optional":true},"perform_route_lookup":{"type":"bool","description":"Enable perform route lookups for this resource","description_kind":"plain","optional":true},"translate_dns":{"type":"bool","description":"Enable Translate DNS","description_kind":"plain","optional":true},"translated_network_is_destination_interface":{"type":"bool","description":"Interface is the destination translated network","description_kind":"plain","optional":true},"translated_port":{"type":"number","description":"Translated port for this resource","description_kind":"plain","optional":true},"type":{"type":"string","description":"The type of this resource","description_kind":"plain","computed":true}},"block_types":{"destination_interface":{"nesting_mode":"list","block":{"attributes":{"id":{"type":"string","description":"The ID of this resource","description_kind":"plain","required":true},"type":{"type":"string","description":"The type of this resource","description_kind":"plain","required":true}},"description":"Destination interface of this resource","description_kind":"plain"},"max_items":1},"original_network":{"nesting_mode":"list","block":{"attributes":{"id":{"type":"string","description":"The ID of this resource","description_kind":"plain","required":true},"type":{"type":"string","description":"The type of this resource","description_kind":"plain","required":true}},"description":"Original network for this resource","description_kind":"plain"},"max_items":1},"original_port":{"nesting_mode":"list","block":{"attributes":{"port":{"type":"number","description_kind":"plain","required":true},"protocol":{"type":"string","description_kind":"plain","required":true}},"description":"Original port for this resource","description_kind":"plain"},"max_items":1},"pat_options":{"nesting_mode":"list","block":{"attributes":{"extended_pat_table":{"type":"bool","description":"Enable Extended PAT table","description_kind":"plain","optional":true},"include_reserve_ports":{"type":"bool","description":"Include Reserve ports","description_kind":"plain","optional":true},"interface_pat":{"type":"bool","description":"Enable interface PAT","description_kind":"plain","optional":true},"round_robin":{"type":"bool","description":"Enable Round Robin","description_kind":"plain","optional":true}},"block_types":{"pat_pool_address":{"nesting_mode":"list","block":{"attributes":{"id":{"type":"string","description":"The ID of this resource","description_kind":"plain","required":true},"type":{"type":"string","description":"The type of this resource","description_kind":"plain","required":true}},"description":"Network Pool for PAT","description_kind":"plain"},"max_items":1}},"description":"PAT options for this resource","description_kind":"plain"},"max_items":1},"source_interface":{"nesting_mode":"list","block":{"attributes":{"id":{"type":"string","description":"The ID of this resource","description_kind":"plain","required":true},"type":{"type":"string","description":"The type of this resource","description_kind":"plain","required":true}},"description":"Source interface for this resource","description_kind":"plain"},"max_items":1},"translated_network":{"nesting_mode":"list","block":{"attributes":{"id":{"type":"string","description":"The ID of this resource","description_kind":"plain","required":true},"type":{"type":"string","description":"The type of this resource","description_kind":"plain","required":true}},"description":"Translated interface for this resource","description_kind":"plain"},"max_items":1}},"description":"Resource for Auto NAT Rules in FMC\n\n## Example\nAn example is shown below: \n```hcl\nresource \"fmc_ftd_autonat_rules\" \"new_rule\" {\n    nat_policy = fmc_ftd_nat_policies.nat_policy.id\n    description = \"Testing Auto NAT priv-pub\"\n    nat_type = \"static\"\n    source_interface {\n        id = data.fmc_security_zones.inside.id\n        type = data.fmc_security_zones.inside.type\n    }\n    destination_interface {\n        id = data.fmc_security_zones.outside.id\n        type = data.fmc_security_zones.outside.type\n    }\n    original_network {\n        id = data.fmc_network_objects.private.id\n        type = data.fmc_network_objects.private.type\n    }\n    translated_network {\n        id = data.fmc_network_objects.public.id\n        type = data.fmc_network_objects.public.type\n    }\n    translated_network_is_destination_interface = false\n    original_port {\n        port = 53\n        protocol = \"udp\"\n    }\n    translated_port = 5353\n    ipv6 = true\n}\n\nresource \"fmc_ftd_autonat_rules\" \"new_rule_2\" {\n    nat_policy = fmc_ftd_nat_policies.nat_policy.id\n    description = \"Testing Auto NAT pub-priv\"\n    nat_type = \"dynamic\"\n    source_interface {\n        id = data.fmc_security_zones.inside.id\n        type = data.fmc_security_zones.inside.type\n    }\n    destination_interface {\n        id = data.fmc_security_zones.outside.id\n        type = data.fmc_security_zones.outside.type\n    }\n    original_network {\n        id = data.fmc_host_objects.CUCMPub.id\n        type = data.fmc_host_objects.CUCMPub.type\n    }\n    translated_network_is_destination_interface = false\n    pat_options {\n        pat_pool_address {\n            id = data.fmc_network_objects.private.id\n            type = data.fmc_network_objects.private.type\n        }\n        extended_pat_table = true\n        round_robin = true\n    }\n    ipv6 = true\n}\n```\n**Note** If creating multiple rules during a single `terraform apply`, remember to use `depends_on` to chain the rules so that terraform creates it in the same order that you intended.","description_kind":"plain"}},"fmc_ftd_deploy":{"version":0,"block":{"attributes":{"device":{"type":"string","description_kind":"plain","required":true},"force_deploy":{"type":"bool","description_kind":"plain","optional":true},"id":{"type":"string","description_kind":"plain","optional":true,"computed":true},"ignore_warning":{"type":"bool","description_kind":"plain","optional":true}},"description":"Resource for deploying changes to FTD in FMC\n\n## Example\nAn example is shown below: \n```hcl\nresource \"fmc_ftd_deploy\" \"ftd\" {\n    device = data.fmc_devices.ftd.id\n    ignore_warning = false\n    force_deploy = false\n}\n```","description_kind":"plain"}},"fmc_ftd_manualnat_rules":{"version":0,"block":{"attributes":{"description":{"type":"string","description":"The description of this resource","description_kind":"plain","optional":true},"enabled":{"type":"bool","description":"Enable this resource","description_kind":"plain","optional":true},"fallthrough":{"type":"bool","description":"Enable fallthrough","description_kind":"plain","optional":true},"id":{"type":"string","description_kind":"plain","optional":true,"computed":true},"interface_in_original_destination":{"type":"bool","description":"Interface is the original destination","description_kind":"plain","optional":true},"interface_in_translated_source":{"type":"bool","description":"Interface is the translated source","description_kind":"plain","optional":true},"ipv6":{"type":"bool","description":"Enable IPv6","description_kind":"plain","optional":true},"nat_policy":{"type":"string","description":"The ID of the NAT policy this resource belongs to","description_kind":"plain","required":true},"nat_type":{"type":"string","description":"The type of this resource, \"static\" or \"dynamic\"","description_kind":"plain","required":true},"net_to_net":{"type":"bool","description":"Enable Net to Net","description_kind":"plain","optional":true},"no_proxy_arp":{"type":"bool","description":"Disable proxy ARP","description_kind":"plain","optional":true},"perform_route_lookup":{"type":"bool","description":"Enable perform route lookup","description_kind":"plain","optional":true},"section":{"type":"string","description":"Section, \"after_auto\" or \"before_auto\"","description_kind":"plain","optional":true},"target_index":{"type":"string","description":"Target index to place this resource","description_kind":"plain","optional":true},"translate_dns":{"type":"bool","description":"Enable translate DNS","description_kind":"plain","optional":true},"type":{"type":"string","description_kind":"plain","computed":true},"unidirectional":{"type":"bool","description":"Make this resource unidirectional","description_kind":"plain","optional":true}},"block_types":{"destination_interface":{"nesting_mode":"list","block":{"attributes":{"id":{"type":"string","description":"The ID of this resource","description_kind":"plain","required":true},"type":{"type":"string","description":"The type of this resource","description_kind":"plain","required":true}},"description":"Destination interface for this resource","description_kind":"plain"},"max_items":1},"original_destination":{"nesting_mode":"list","block":{"attributes":{"id":{"type":"string","description":"The ID of this resource","description_kind":"plain","required":true},"type":{"type":"string","description":"The type of this resource","description_kind":"plain","required":true}},"description":"Original destination for this resource","description_kind":"plain"},"max_items":1},"original_destination_port":{"nesting_mode":"list","block":{"attributes":{"id":{"type":"string","description":"The ID of this resource","description_kind":"plain","required":true},"type":{"type":"string","description":"The type of this resource","description_kind":"plain","required":true}},"description":"Original destination port for this resource","description_kind":"plain"},"max_items":1},"original_source":{"nesting_mode":"list","block":{"attributes":{"id":{"type":"string","description":"The ID of this resource","description_kind":"plain","required":true},"type":{"type":"string","description":"The type of this resource","description_kind":"plain","required":true}},"description":"Original source for this resource","description_kind":"plain"},"max_items":1},"original_source_port":{"nesting_mode":"list","block":{"attributes":{"id":{"type":"string","description":"The ID of this resource","description_kind":"plain","required":true},"type":{"type":"string","description":"The type of this resource","description_kind":"plain","required":true}},"description":"Original source port for this resource","description_kind":"plain"},"max_items":1},"pat_options":{"nesting_mode":"list","block":{"attributes":{"extended_pat_table":{"type":"bool","description_kind":"plain","optional":true},"include_reserve_ports":{"type":"bool","description_kind":"plain","optional":true},"interface_pat":{"type":"bool","description_kind":"plain","optional":true},"round_robin":{"type":"bool","description_kind":"plain","optional":true}},"block_types":{"pat_pool_address":{"nesting_mode":"list","block":{"attributes":{"id":{"type":"string","description":"The ID of this resource","description_kind":"plain","required":true},"type":{"type":"string","description":"The type of this resource","description_kind":"plain","required":true}},"description_kind":"plain"},"max_items":1}},"description":"PAT Options for this resource","description_kind":"plain"},"max_items":1},"source_interface":{"nesting_mode":"list","block":{"attributes":{"id":{"type":"string","description":"The ID of this resource","description_kind":"plain","required":true},"type":{"type":"string","description":"The type of this resource","description_kind":"plain","required":true}},"description":"Source interface for this resource","description_kind":"plain"},"max_items":1},"translated_destination":{"nesting_mode":"list","block":{"attributes":{"id":{"type":"string","description":"The ID of this resource","description_kind":"plain","required":true},"type":{"type":"string","description":"The type of this resource","description_kind":"plain","required":true}},"description":"Translated destination for this resource","description_kind":"plain"},"max_items":1},"translated_destination_port":{"nesting_mode":"list","block":{"attributes":{"id":{"type":"string","description":"The ID of this resource","description_kind":"plain","required":true},"type":{"type":"string","description":"The type of this resource","description_kind":"plain","required":true}},"description":"Translated destination port for this resource","description_kind":"plain"},"max_items":1},"translated_source":{"nesting_mode":"list","block":{"attributes":{"id":{"type":"string","description":"The ID of this resource","description_kind":"plain","required":true},"type":{"type":"string","description":"The type of this resource","description_kind":"plain","required":true}},"description":"Translated source for this resource","description_kind":"plain"},"max_items":1},"translated_source_port":{"nesting_mode":"list","block":{"attributes":{"id":{"type":"string","description":"The ID of this resource","description_kind":"plain","required":true},"type":{"type":"string","description":"The type of this resource","description_kind":"plain","required":true}},"description":"Translated source port for this resource","description_kind":"plain"},"max_items":1}},"description":"Resource for Manual NAT Rules in FMC\n\n## Example\nAn example is shown below: \n```hcl\nresource \"fmc_ftd_manualnat_rules\" \"new_rule\" {\n    nat_policy = fmc_ftd_nat_policies.nat_policy.id\n    description = \"Testing Manual NAT priv-pub\"\n    nat_type = \"static\"\n    source_interface {\n        id = data.fmc_security_zones.inside.id\n        type = data.fmc_security_zones.inside.type\n    }\n    destination_interface {\n        id = data.fmc_security_zones.outside.id\n        type = data.fmc_security_zones.outside.type\n    }\n    original_source {\n        id = data.fmc_network_objects.public.id\n        type = data.fmc_network_objects.public.type\n    }\n    translated_destination {\n        id = data.fmc_network_objects.public.id\n        type = data.fmc_network_objects.public.type\n    }\n    interface_in_original_destination = true\n    interface_in_translated_source = true\n    ipv6 = true\n}\n\nresource \"fmc_ftd_manualnat_rules\" \"new_rule_after\" {\n    nat_policy = fmc_ftd_nat_policies.nat_policy.id\n    description = \"Testing Manual NAT priv-pub\"\n    nat_type = \"static\"\n    section = \"after_auto\"\n    source_interface {\n        id = data.fmc_security_zones.inside.id\n        type = data.fmc_security_zones.inside.type\n    }\n    destination_interface {\n        id = data.fmc_security_zones.outside.id\n        type = data.fmc_security_zones.outside.type\n    }\n    original_source {\n        id = data.fmc_network_objects.public.id\n        type = data.fmc_network_objects.public.type\n    }\n    translated_destination {\n        id = data.fmc_network_objects.public.id\n        type = data.fmc_network_objects.public.type\n    }\n    interface_in_original_destination = true\n    interface_in_translated_source = true\n    ipv6 = true\n}\n\nresource \"fmc_ftd_manualnat_rules\" \"new_rule_before_1\" {\n    nat_policy = fmc_ftd_nat_policies.nat_policy.id\n    description = \"Testing Manual NAT before priv-pub\"\n    nat_type = \"static\"\n    section = \"before_auto\"\n    target_index = 1\n    source_interface {\n        id = data.fmc_security_zones.inside.id\n        type = data.fmc_security_zones.inside.type\n    }\n    destination_interface {\n        id = data.fmc_security_zones.outside.id\n        type = data.fmc_security_zones.outside.type\n    }\n    original_source {\n        id = data.fmc_network_objects.public.id\n        type = data.fmc_network_objects.public.type\n    }\n    translated_destination {\n        id = data.fmc_host_objects.CUCMPub.id\n        type = data.fmc_host_objects.CUCMPub.type\n    }\n    interface_in_original_destination = true\n    interface_in_translated_source = true\n    ipv6 = true\n}\n```\n**Note** If creating multiple rules during a single `terraform apply`, remember to use `depends_on` to chain the rules so that terraform creates it in the same order that you intended.","description_kind":"plain"}},"fmc_ftd_nat_policies":{"version":0,"block":{"attributes":{"description":{"type":"string","description":"The description of this resource","description_kind":"plain","optional":true},"id":{"type":"string","description_kind":"plain","optional":true,"computed":true},"name":{"type":"string","description":"The name of this resource","description_kind":"plain","required":true},"type":{"type":"string","description":"The type of this resource","description_kind":"plain","computed":true}},"description":"Resource for NAT Policies in FMC\n\n## Example\nAn example is shown below: \n```hcl\nresource \"fmc_ftd_nat_policies\" \"nat_policy\" {\n    name = \"Terraform NAT Policy\"\n    description = \"New NAT policy!\"\n}\n```","description_kind":"plain"}},"fmc_host_objects":{"version":0,"block":{"attributes":{"description":{"type":"string","description":"The description of this resource","description_kind":"plain","optional":true},"id":{"type":"string","description_kind":"plain","optional":true,"computed":true},"name":{"type":"string","description":"The name of this resource","description_kind":"plain","required":true},"type":{"type":"string","description":"The type of this resource","description_kind":"plain","computed":true},"value":{"type":"string","description":"The value of this resource","description_kind":"plain","required":true}},"description":"Resource for Host Objects in FMC\n\n## Example\nAn example is shown below: \n```hcl\nresource \"fmc_host_objects\" \"host\" {\n    name        = \"Web Server\"\n    value       = \"10.10.10.10\"\n    description = \"K8s primary\"\n}\n```","description_kind":"plain"}},"fmc_icmpv4_objects":{"version":0,"block":{"attributes":{"code":{"type":"number","description":"The ICMP code for this resource","description_kind":"plain","optional":true},"icmp_type":{"type":"string","description":"The ICMP type for this resource","description_kind":"plain","required":true},"id":{"type":"string","description_kind":"plain","optional":true,"computed":true},"name":{"type":"string","description":"The name of this resource","description_kind":"plain","required":true},"type":{"type":"string","description":"The type of this resource","description_kind":"plain","computed":true}},"description":"Resource for ICMPv4 Objects in FMC\n\n## Example\nAn example is shown below: \n```hcl\nresource \"fmc_icmpv4_objects\" \"wrong-proto\" {\n  name        = \"wrong-proto\"\n  icmp_type = \"3\"\n  code  = 2\n}\n```","description_kind":"plain"}},"fmc_network_group_objects":{"version":0,"block":{"attributes":{"description":{"type":"string","description":"The description of this resource","description_kind":"plain","optional":true},"id":{"type":"string","description_kind":"plain","optional":true,"computed":true},"name":{"type":"string","description":"The name of this resource","description_kind":"plain","required":true},"type":{"type":"string","description":"The type of this resource","description_kind":"plain","computed":true}},"block_types":{"literals":{"nesting_mode":"list","block":{"attributes":{"type":{"type":"string","description":"The type of this resource","description_kind":"plain","required":true},"value":{"type":"string","description":"The value of this resource","description_kind":"plain","required":true}},"description":"List of network literals to add","description_kind":"plain"}},"objects":{"nesting_mode":"list","block":{"attributes":{"id":{"type":"string","description":"The ID of this resource","description_kind":"plain","required":true},"type":{"type":"string","description":"The type of this resource","description_kind":"plain","required":true}},"description":"List of network objects to add","description_kind":"plain"}}},"description":"Resource for Network Group Objects in FMC\n\n## Example\nAn example is shown below: \n```hcl\nresource \"fmc_network_group_objects\" \"PrivateGroup\" {\n  name = \"PrivateGroup\"\n  description = \"Terraform private group\"\n  objects {\n      id = data.fmc_network_objects.PrivateVLAN.id\n      type = data.fmc_network_objects.PrivateVLAN.type\n  }\n  objects {\n      id = fmc_network_objects.PrivateVLANDR.id\n      type = fmc_network_objects.PrivateVLANDR.type\n  }\n  literals {\n      value = \"10.10.10.10\"\n      type = \"Host\"\n  }\n}\n```","description_kind":"plain"}},"fmc_network_objects":{"version":0,"block":{"attributes":{"description":{"type":"string","description":"The description of this resource","description_kind":"plain","optional":true},"id":{"type":"string","description_kind":"plain","optional":true,"computed":true},"name":{"type":"string","description":"The name of this resource","description_kind":"plain","required":true},"type":{"type":"string","description":"The type this resource","description_kind":"plain","computed":true},"value":{"type":"string","description":"The value of this resource","description_kind":"plain","required":true}},"description":"Resource for Network Objects in FMC\n\n## Example\nAn example is shown below: \n```hcl\nresource \"fmc_network_objects\" \"PrivateVLANDR\" {\n  name        = \"VLAN-Private-DRsite\"\n  value       = \"10.10.10.0/24\"\n  description = \"Terraform DR network object\"\n}\n```","description_kind":"plain"}},"fmc_policy_devices_assignments":{"version":0,"block":{"attributes":{"description":{"type":"string","description":"The description of this resource","description_kind":"plain","computed":true},"id":{"type":"string","description_kind":"plain","optional":true,"computed":true},"name":{"type":"string","description":"The name of this resource","description_kind":"plain","computed":true},"type":{"type":"string","description":"The type of this resource","description_kind":"plain","computed":true}},"block_types":{"policy":{"nesting_mode":"list","block":{"attributes":{"id":{"type":"string","description":"The ID of this resource","description_kind":"plain","required":true},"type":{"type":"string","description":"The type of this resource","description_kind":"plain","required":true}},"description":"Policy (ACP/NAT) for this resource","description_kind":"plain"},"min_items":1,"max_items":1},"target_devices":{"nesting_mode":"list","block":{"attributes":{"id":{"type":"string","description":"The ID of this resource","description_kind":"plain","required":true},"type":{"type":"string","description":"The type of this resource","description_kind":"plain","required":true}},"description":"Target devices for this resource","description_kind":"plain"},"min_items":1}},"description":"Resource for Policy Device Assignments in FMC\n\n## Example\nAn example is shown below: \n```hcl\nresource \"fmc_policy_devices_assignments\" \"policy_assignment\" {\n    policy {\n        id = fmc_access_policies.access_policy.id\n        type = fmc_access_policies.access_policy.type\n    }\n    target_devices {\n        id = data.fmc_devices.device.id\n        type = data.fmc_devices.device.type\n    }\n}\n```\n**Note** You cannot delete a policy assignment, only reassign the devices to another policy. So, the delete operation on terraform does nothing, but the assignment is not deleted until you have manually moved the devices to another policy.","description_kind":"plain"}},"fmc_port_group_objects":{"version":0,"block":{"attributes":{"description":{"type":"string","description":"The description of this resource","description_kind":"plain","optional":true},"id":{"type":"string","description_kind":"plain","optional":true,"computed":true},"name":{"type":"string","description":"The name of this resource","description_kind":"plain","required":true},"type":{"type":"string","description":"The type of this resource","description_kind":"plain","computed":true}},"block_types":{"objects":{"nesting_mode":"list","block":{"attributes":{"id":{"type":"string","description":"The ID of this resource","description_kind":"plain","required":true},"type":{"type":"string","description":"The type of this resource","description_kind":"plain","required":true}},"description":"The list of port groups to add","description_kind":"plain"}}},"description":"Resource for Port Group Objects in FMC\n\nAn example is shown below: \n```hcl\n## Example\nresource \"fmc_port_group_objects\" \"port-group\" {\n    name = \"TCP-ICMP\"\n    description = \"Combo ports\"\n    objects {\n        id = fmc_port_objects.http.id\n        type = fmc_port_objects.http.type\n    }\n    objects {\n        id = fmc_icmpv4_objects.wrong-proto.id\n        type = fmc_icmpv4_objects.wrong-proto.type\n    }\n}\n```","description_kind":"plain"}},"fmc_port_objects":{"version":0,"block":{"attributes":{"id":{"type":"string","description_kind":"plain","optional":true,"computed":true},"name":{"type":"string","description":"The name of this resource","description_kind":"plain","required":true},"overridable":{"type":"bool","description":"Sets this resource as overridable","description_kind":"plain","optional":true},"port":{"type":"string","description":"Port for this resource","description_kind":"plain","required":true},"protocol":{"type":"string","description":"Protocol for this resource","description_kind":"plain","required":true},"type":{"type":"string","description":"The type of this resource","description_kind":"plain","computed":true}},"description":"Resource for Port Objects in FMC\n\n## Example\nAn example is shown below: \n```hcl\nresource \"fmc_port_objects\" \"http\" {\n    name = \"HTTP\"\n    port = \"80\"\n    protocol = \"TCP\"\n}\n```","description_kind":"plain"}},"fmc_range_objects":{"version":0,"block":{"attributes":{"description":{"type":"string","description":"The description of this resource","description_kind":"plain","optional":true},"id":{"type":"string","description_kind":"plain","optional":true,"computed":true},"name":{"type":"string","description":"The name of this resource","description_kind":"plain","required":true},"value":{"type":"string","description":"The value of this resource","description_kind":"plain","required":true}},"description":"Resource for Network Range Objects in FMC\n\n## Example\nAn example is shown below: \n```hcl\nresource \"fmc_range_objects\" \"servers\" {\n    name        = \"k8s-cluster\"\n    value       = \"10.10.10.10-10.10.10.16\"\n    description = \"K8s Prod Cluster\"\n}\n```","description_kind":"plain"}},"fmc_url_object_group":{"version":0,"block":{"attributes":{"description":{"type":"string","description":"The description of this resource","description_kind":"plain","optional":true},"id":{"type":"string","description_kind":"plain","optional":true,"computed":true},"name":{"type":"string","description":"The name of this resource","description_kind":"plain","required":true},"type":{"type":"string","description":"The type of this resource","description_kind":"plain","computed":true}},"block_types":{"literals":{"nesting_mode":"list","block":{"attributes":{"type":{"type":"string","description":"The type of this resource","description_kind":"plain","computed":true},"url":{"type":"string","description":"The value URL for this resource","description_kind":"plain","required":true}},"description":"List of URL literals to add","description_kind":"plain"}},"objects":{"nesting_mode":"list","block":{"attributes":{"id":{"type":"string","description":"The ID of this resource","description_kind":"plain","required":true},"type":{"type":"string","description":"The type of this resource","description_kind":"plain","required":true}},"description":"List of URL objects to add","description_kind":"plain"}}},"description":"Resource for URL Object Groups in FMC\n\n## Example\nAn example is shown below: \n```hcl\nresource \"fmc_url_object_group\" \"URLGroup\" {\n    name = \"URLGroup\"\n    description = \"Websites\"\n    objects {\n        id = data.fmc_url_objects.cisco-home.id\n        type = data.fmc_url_objects.cisco-home.type\n    }\n    objects {\n        id = fmc_url_objects.cisco-tac.id\n        type = fmc_url_objects.cisco-tac.type\n    }\n    literals {\n        url = \"https://www.terraform.io/\"\n        type = \"Url\"\n    }\n}\n```","description_kind":"plain"}},"fmc_url_objects":{"version":0,"block":{"attributes":{"description":{"type":"string","description":"The description of this resource","description_kind":"plain","optional":true},"id":{"type":"string","description_kind":"plain","optional":true,"computed":true},"name":{"type":"string","description":"The name of this resource","description_kind":"plain","required":true},"type":{"type":"string","description":"The type of this resource","description_kind":"plain","computed":true},"url":{"type":"string","description":"The URL for this resource","description_kind":"plain","required":true}},"description":"Resource for URL Objects in FMC\n\n## Example\nAn example is shown below: \n```hcl\nresource \"fmc_url_objects\" \"cisco-home\" {\n    name        = \"cisco-home\"\n    url       = \"https://www.cisco.com/\"\n    description = \"Cisco home page\"\n}\n```","description_kind":"plain"}}},"data_source_schemas":{"fmc_access_policies":{"version":0,"block":{"attributes":{"id":{"type":"string","description":"The ID of this resource","description_kind":"plain","computed":true},"name":{"type":"string","description":"Name of the FTD accessPolicy","description_kind":"plain","required":true},"type":{"type":"string","description":"Type of this resource","description_kind":"plain","computed":true}},"description":"Data source for Access Policies in FMC\n\nAn example is shown below: \n```hcl\ndata \"fmc_access_policies\" \"acp\" {\n\tname = \"FTD ACP\"\n}\n```","description_kind":"plain"}},"fmc_devices":{"version":0,"block":{"attributes":{"id":{"type":"string","description":"The ID of this resource","description_kind":"plain","computed":true},"name":{"type":"string","description":"Name of the FTD device","description_kind":"plain","required":true},"type":{"type":"string","description":"Type of this resource","description_kind":"plain","computed":true}},"description":"Data source for FTD Devices in FMC\n\nAn example is shown below: \n```hcl\ndata \"fmc_devices\" \"device\" {\n\tname = \"ftd.adyah.cisco\"\n}\n```","description_kind":"plain"}},"fmc_file_policies":{"version":0,"block":{"attributes":{"id":{"type":"string","description":"The ID of this resource","description_kind":"plain","computed":true},"name":{"type":"string","description":"Name of the file policy","description_kind":"plain","required":true},"type":{"type":"string","description":"The type of this resource","description_kind":"plain","computed":true}},"description":"Data source for File Policies in FMC\n\nAn example is shown below: \n```hcl\ndata \"fmc_file_policies\" \"file_policy\" {\n\tname = \"AMP Policy\"\n}\n```","description_kind":"plain"}},"fmc_host_objects":{"version":0,"block":{"attributes":{"id":{"type":"string","description":"The ID of this resource","description_kind":"plain","optional":true,"computed":true},"name":{"type":"string","description":"The name of this resource","description_kind":"plain","optional":true,"computed":true},"type":{"type":"string","description":"The type of this resource","description_kind":"plain","computed":true},"value":{"type":"string","description":"The value of this resource","description_kind":"plain","optional":true,"computed":true}},"description":"Data source for Host Objects in FMC\n\nAn example is shown below: \n```hcl\ndata \"fmc_host_objects\" \"existing_host\" {\n\tname = \"CUCM-Pub\"\n}\n```\nAny one of the id, name or value can be specified. The first filter in the order of id, name and value will be used, and the rest will be ignored if multiple are specified.","description_kind":"plain"}},"fmc_ips_policies":{"version":0,"block":{"attributes":{"id":{"type":"string","description":"The ID of this resource","description_kind":"plain","computed":true},"name":{"type":"string","description":"Name of the IPS policy","description_kind":"plain","required":true},"type":{"type":"string","description":"The type of this resource","description_kind":"plain","computed":true}},"description":"Data source for IPS Policy in FMC\n\nAn example is shown below: \n```hcl\ndata \"fmc_ips_policies\" \"ips_policy\" {\n\tname = \"Connectivity Over Security\"\n}\n```","description_kind":"plain"}},"fmc_network_objects":{"version":0,"block":{"attributes":{"id":{"type":"string","description":"The ID of this resource","description_kind":"plain","optional":true,"computed":true},"name":{"type":"string","description":"The name of this resource","description_kind":"plain","optional":true,"computed":true},"type":{"type":"string","description":"The type of this resource","description_kind":"plain","computed":true},"value":{"type":"string","description":"The value of this resource","description_kind":"plain","optional":true,"computed":true}},"description":"Data source for Network Objects in FMC\n\nAn example is shown below: \n```hcl\ndata \"fmc_network_objects\" \"PrivateVLAN\" {\n\tname = \"VLAN825-Private\"\n}\n```\nAny one of the id, name or value can be specified. The first filter in the order of id, name and value will be used, and the rest will be ignored if multiple are specified.","description_kind":"plain"}},"fmc_port_objects":{"version":0,"block":{"attributes":{"id":{"type":"string","description":"The ID of this resource","description_kind":"plain","optional":true,"computed":true},"name":{"type":"string","description":"The name of this resource","description_kind":"plain","optional":true,"computed":true},"port":{"type":"string","description":"The port of this resource","description_kind":"plain","optional":true,"computed":true},"protocol":{"type":"string","description":"The protocol of this resource","description_kind":"plain","optional":true,"computed":true},"type":{"type":"string","description":"The type of this resource","description_kind":"plain","computed":true}},"description":"Data source for Port Objects in FMC\n\nAn example is shown below: \n```hcl\ndata \"fmc_port_objects\" \"existing\" {\n\tname = \"DNS_over_TCP\"\n}\n```\nAny one of the id, name or port can be specified. The first filter in the order of id, name and port will be used, and the rest will be ignored if multiple are specified.","description_kind":"plain"}},"fmc_security_zones":{"version":0,"block":{"attributes":{"id":{"type":"string","description":"The ID of this resource","description_kind":"plain","computed":true},"name":{"type":"string","description":"The name of this resource","description_kind":"plain","required":true},"type":{"type":"string","description":"The type of this resource","description_kind":"plain","computed":true}},"description":"Data source for Security Zones in FMC\n\nAn example is shown below: \n```hcl\ndata \"fmc_security_zones\" \"inside\" {\n\tname = \"inside\"\n}\n```","description_kind":"plain"}},"fmc_syslog_alerts":{"version":0,"block":{"attributes":{"id":{"type":"string","description":"The ID of this resource","description_kind":"plain","computed":true},"name":{"type":"string","description":"The name of this resource","description_kind":"plain","required":true},"type":{"type":"string","description":"The type of this resource","description_kind":"plain","computed":true}},"description":"Data source for Syslog Alert Configuration in FMC\n\nAn example is shown below: \n```hcl\ndata \"fmc_security_zones\" \"inside\" {\n\tname = \"inside\"\n}\n```","description_kind":"plain"}},"fmc_url_objects":{"version":0,"block":{"attributes":{"id":{"type":"string","description":"The ID of this resource","description_kind":"plain","optional":true,"computed":true},"name":{"type":"string","description":"The name of this resource","description_kind":"plain","optional":true,"computed":true},"type":{"type":"string","description":"The type of this resource","description_kind":"plain","computed":true},"url":{"type":"string","description":"The URL of this resource","description_kind":"plain","optional":true,"computed":true}},"description":"Data source for URL Objects in FMC\n\nAn example is shown below: \n```hcl\ndata \"fmc_url_objects\" \"existing\" {\n\tname = \"DNAC\"\n}\n```\nAny one of the id, name or value can be specified. The first filter in the order of id, name and value will be used, and the rest will be ignored if multiple are specified.","description_kind":"plain"}}}}}}
