{"format_version":"0.2","provider_schemas":{"registry.terraform.io/citrix/citrixadc":{"provider":{"version":0,"block":{"attributes":{"do_login":{"type":"bool","description":"Perform the login operation and acquire a session token to be used for subsequent requests.","description_kind":"plain","optional":true},"endpoint":{"type":"string","description":"The URL to the API","description_kind":"plain","required":true},"insecure_skip_verify":{"type":"bool","description":"Ignore validity of endpoint TLS certificate if true","description_kind":"plain","optional":true},"partition":{"type":"string","description":"Partition to target","description_kind":"plain","optional":true},"password":{"type":"string","description":"Password to login to the NetScaler","description_kind":"plain","optional":true},"proxied_ns":{"type":"string","description":"Target NS ip. When defined username, password and endpoint must refer to MAS.","description_kind":"plain","optional":true},"username":{"type":"string","description":"Username to login to the NetScaler","description_kind":"plain","optional":true}},"description_kind":"plain"}},"resource_schemas":{"citrixadc_appfwfieldtype":{"version":1,"block":{"attributes":{"comment":{"type":"string","description_kind":"plain","optional":true,"computed":true},"id":{"type":"string","description_kind":"plain","optional":true,"computed":true},"name":{"type":"string","description_kind":"plain","required":true},"nocharmaps":{"type":"bool","description_kind":"plain","optional":true,"computed":true},"priority":{"type":"number","description_kind":"plain","optional":true,"computed":true},"regex":{"type":"string","description_kind":"plain","required":true}},"description_kind":"plain"}},"citrixadc_appfwjsoncontenttype":{"version":1,"block":{"attributes":{"id":{"type":"string","description_kind":"plain","optional":true,"computed":true},"isregex":{"type":"string","description_kind":"plain","optional":true},"jsoncontenttypevalue":{"type":"string","description_kind":"plain","required":true}},"description_kind":"plain"}},"citrixadc_appfwpolicy":{"version":1,"block":{"attributes":{"comment":{"type":"string","description_kind":"plain","optional":true,"computed":true},"id":{"type":"string","description_kind":"plain","optional":true,"computed":true},"logaction":{"type":"string","description_kind":"plain","optional":true,"computed":true},"name":{"type":"string","description_kind":"plain","required":true},"newname":{"type":"string","description_kind":"plain","optional":true,"computed":true},"profilename":{"type":"string","description_kind":"plain","optional":true,"computed":true},"rule":{"type":"string","description_kind":"plain","optional":true,"computed":true}},"description_kind":"plain"}},"citrixadc_appfwpolicylabel":{"version":1,"block":{"attributes":{"id":{"type":"string","description_kind":"plain","optional":true,"computed":true},"labelname":{"type":"string","description_kind":"plain","required":true},"policylabeltype":{"type":"string","description_kind":"plain","optional":true,"computed":true}},"description_kind":"plain"}},"citrixadc_appfwprofile":{"version":1,"block":{"attributes":{"addcookieflags":{"type":"string","description_kind":"plain","optional":true,"computed":true},"archivename":{"type":"string","description_kind":"plain","optional":true,"computed":true},"bufferoverflowaction":{"type":["set","string"],"description_kind":"plain","optional":true},"bufferoverflowmaxcookielength":{"type":"number","description_kind":"plain","optional":true,"computed":true},"bufferoverflowmaxheaderlength":{"type":"number","description_kind":"plain","optional":true,"computed":true},"bufferoverflowmaxurllength":{"type":"number","description_kind":"plain","optional":true,"computed":true},"canonicalizehtmlresponse":{"type":"string","description_kind":"plain","optional":true,"computed":true},"checkrequestheaders":{"type":"string","description_kind":"plain","optional":true,"computed":true},"comment":{"type":"string","description_kind":"plain","optional":true,"computed":true},"contenttypeaction":{"type":["set","string"],"description_kind":"plain","optional":true},"cookieconsistencyaction":{"type":["set","string"],"description_kind":"plain","optional":true},"cookieencryption":{"type":"string","description_kind":"plain","optional":true,"computed":true},"cookieproxying":{"type":"string","description_kind":"plain","optional":true,"computed":true},"cookietransforms":{"type":"string","description_kind":"plain","optional":true,"computed":true},"creditcard":{"type":["set","string"],"description_kind":"plain","optional":true},"creditcardaction":{"type":["set","string"],"description_kind":"plain","optional":true},"creditcardmaxallowed":{"type":"number","description_kind":"plain","optional":true,"computed":true},"creditcardxout":{"type":"string","description_kind":"plain","optional":true,"computed":true},"crosssitescriptingaction":{"type":["set","string"],"description_kind":"plain","optional":true},"crosssitescriptingcheckcompleteurls":{"type":"string","description_kind":"plain","optional":true,"computed":true},"crosssitescriptingtransformunsafehtml":{"type":"string","description_kind":"plain","optional":true,"computed":true},"csrftagaction":{"type":["set","string"],"description_kind":"plain","optional":true},"customsettings":{"type":"string","description_kind":"plain","optional":true,"computed":true},"defaultcharset":{"type":"string","description_kind":"plain","optional":true,"computed":true},"defaultfieldformatmaxlength":{"type":"number","description_kind":"plain","optional":true,"computed":true},"defaultfieldformatminlength":{"type":"number","description_kind":"plain","optional":true,"computed":true},"defaultfieldformattype":{"type":"string","description_kind":"plain","optional":true,"computed":true},"defaults":{"type":"string","description_kind":"plain","optional":true,"computed":true},"denyurlaction":{"type":["set","string"],"description_kind":"plain","optional":true},"dosecurecreditcardlogging":{"type":"string","description_kind":"plain","optional":true,"computed":true},"dynamiclearning":{"type":["set","string"],"description_kind":"plain","optional":true},"enableformtagging":{"type":"string","description_kind":"plain","optional":true,"computed":true},"errorurl":{"type":"string","description_kind":"plain","optional":true,"computed":true},"excludefileuploadfromchecks":{"type":"string","description_kind":"plain","optional":true,"computed":true},"exemptclosureurlsfromsecuritychecks":{"type":"string","description_kind":"plain","optional":true,"computed":true},"fieldconsistencyaction":{"type":["set","string"],"description_kind":"plain","optional":true},"fieldformataction":{"type":["set","string"],"description_kind":"plain","optional":true},"fileuploadmaxnum":{"type":"number","description_kind":"plain","optional":true,"computed":true},"fileuploadtypesaction":{"type":["set","string"],"description_kind":"plain","optional":true},"htmlerrorobject":{"type":"string","description_kind":"plain","optional":true,"computed":true},"id":{"type":"string","description_kind":"plain","optional":true,"computed":true},"inspectcontenttypes":{"type":["set","string"],"description_kind":"plain","optional":true},"invalidpercenthandling":{"type":"string","description_kind":"plain","optional":true,"computed":true},"jsondosaction":{"type":["set","string"],"description_kind":"plain","optional":true},"jsonerrorobject":{"type":"string","description_kind":"plain","optional":true,"computed":true},"jsonsqlinjectionaction":{"type":["set","string"],"description_kind":"plain","optional":true},"jsonsqlinjectiontype":{"type":"string","description_kind":"plain","optional":true,"computed":true},"jsonxssaction":{"type":["set","string"],"description_kind":"plain","optional":true},"logeverypolicyhit":{"type":"string","description_kind":"plain","optional":true,"computed":true},"multipleheaderaction":{"type":["set","string"],"description_kind":"plain","optional":true},"name":{"type":"string","description_kind":"plain","required":true},"optimizepartialreqs":{"type":"string","description_kind":"plain","optional":true,"computed":true},"percentdecoderecursively":{"type":"string","description_kind":"plain","optional":true,"computed":true},"postbodylimit":{"type":"number","description_kind":"plain","optional":true,"computed":true},"postbodylimitsignature":{"type":"number","description_kind":"plain","optional":true,"computed":true},"refererheadercheck":{"type":"string","description_kind":"plain","optional":true,"computed":true},"requestcontenttype":{"type":"string","description_kind":"plain","optional":true,"computed":true},"responsecontenttype":{"type":"string","description_kind":"plain","optional":true,"computed":true},"rfcprofile":{"type":"string","description_kind":"plain","optional":true,"computed":true},"semicolonfieldseparator":{"type":"string","description_kind":"plain","optional":true,"computed":true},"sessionlessfieldconsistency":{"type":"string","description_kind":"plain","optional":true,"computed":true},"sessionlessurlclosure":{"type":"string","description_kind":"plain","optional":true,"computed":true},"signatures":{"type":"string","description_kind":"plain","optional":true,"computed":true},"sqlinjectionaction":{"type":["set","string"],"description_kind":"plain","optional":true},"sqlinjectionchecksqlwildchars":{"type":"string","description_kind":"plain","optional":true,"computed":true},"sqlinjectiononlycheckfieldswithsqlchars":{"type":"string","description_kind":"plain","optional":true,"computed":true},"sqlinjectionparsecomments":{"type":"string","description_kind":"plain","optional":true,"computed":true},"sqlinjectiontransformspecialchars":{"type":"string","description_kind":"plain","optional":true,"computed":true},"sqlinjectiontype":{"type":"string","description_kind":"plain","optional":true,"computed":true},"starturlaction":{"type":["set","string"],"description_kind":"plain","optional":true},"starturlclosure":{"type":"string","description_kind":"plain","optional":true,"computed":true},"streaming":{"type":"string","description_kind":"plain","optional":true,"computed":true},"stripcomments":{"type":"string","description_kind":"plain","optional":true,"computed":true},"striphtmlcomments":{"type":"string","description_kind":"plain","optional":true,"computed":true},"stripxmlcomments":{"type":"string","description_kind":"plain","optional":true,"computed":true},"trace":{"type":"string","description_kind":"plain","optional":true,"computed":true},"type":{"type":["set","string"],"description_kind":"plain","optional":true},"urldecoderequestcookies":{"type":"string","description_kind":"plain","optional":true,"computed":true},"usehtmlerrorobject":{"type":"string","description_kind":"plain","optional":true,"computed":true},"verboseloglevel":{"type":"string","description_kind":"plain","optional":true,"computed":true},"xmlattachmentaction":{"type":["set","string"],"description_kind":"plain","optional":true},"xmldosaction":{"type":["set","string"],"description_kind":"plain","optional":true},"xmlerrorobject":{"type":"string","description_kind":"plain","optional":true,"computed":true},"xmlformataction":{"type":["set","string"],"description_kind":"plain","optional":true},"xmlsoapfaultaction":{"type":["set","string"],"description_kind":"plain","optional":true},"xmlsqlinjectionaction":{"type":["set","string"],"description_kind":"plain","optional":true},"xmlsqlinjectionchecksqlwildchars":{"type":"string","description_kind":"plain","optional":true,"computed":true},"xmlsqlinjectiononlycheckfieldswithsqlchars":{"type":"string","description_kind":"plain","optional":true,"computed":true},"xmlsqlinjectionparsecomments":{"type":"string","description_kind":"plain","optional":true,"computed":true},"xmlsqlinjectiontype":{"type":"string","description_kind":"plain","optional":true,"computed":true},"xmlvalidationaction":{"type":["set","string"],"description_kind":"plain","optional":true},"xmlwsiaction":{"type":["set","string"],"description_kind":"plain","optional":true},"xmlxssaction":{"type":["set","string"],"description_kind":"plain","optional":true}},"description_kind":"plain"}},"citrixadc_appfwprofile_cookieconsistency_binding":{"version":1,"block":{"attributes":{"alertonly":{"type":"string","description_kind":"plain","optional":true,"computed":true},"comment":{"type":"string","description_kind":"plain","optional":true,"computed":true},"cookieconsistency":{"type":"string","description_kind":"plain","required":true},"id":{"type":"string","description_kind":"plain","optional":true,"computed":true},"isautodeployed":{"type":"string","description_kind":"plain","optional":true,"computed":true},"isregex":{"type":"string","description_kind":"plain","optional":true,"computed":true},"name":{"type":"string","description_kind":"plain","required":true},"state":{"type":"string","description_kind":"plain","optional":true,"computed":true}},"description_kind":"plain"}},"citrixadc_appfwprofile_crosssitescripting_binding":{"version":1,"block":{"attributes":{"alertonly":{"type":"string","description_kind":"plain","optional":true,"computed":true},"as_scan_location_xss":{"type":"string","description_kind":"plain","required":true},"as_value_expr_xss":{"type":"string","description_kind":"plain","optional":true,"computed":true},"as_value_type_xss":{"type":"string","description_kind":"plain","optional":true,"computed":true},"comment":{"type":"string","description_kind":"plain","optional":true,"computed":true},"crosssitescripting":{"type":"string","description_kind":"plain","required":true},"formactionurl_xss":{"type":"string","description_kind":"plain","required":true},"id":{"type":"string","description_kind":"plain","optional":true,"computed":true},"isautodeployed":{"type":"string","description_kind":"plain","optional":true,"computed":true},"isregex_xss":{"type":"string","description_kind":"plain","optional":true,"computed":true},"isvalueregex_xss":{"type":"string","description_kind":"plain","optional":true,"computed":true},"name":{"type":"string","description_kind":"plain","required":true},"state":{"type":"string","description_kind":"plain","optional":true,"computed":true}},"description_kind":"plain"}},"citrixadc_appfwprofile_denyurl_binding":{"version":1,"block":{"attributes":{"alertonly":{"type":"string","description_kind":"plain","optional":true},"comment":{"type":"string","description_kind":"plain","optional":true},"denyurl":{"type":"string","description_kind":"plain","required":true},"id":{"type":"string","description_kind":"plain","optional":true,"computed":true},"isautodeployed":{"type":"string","description_kind":"plain","optional":true},"name":{"type":"string","description_kind":"plain","required":true},"state":{"type":"string","description_kind":"plain","optional":true}},"description_kind":"plain"}},"citrixadc_appfwprofile_sqlinjection_binding":{"version":1,"block":{"attributes":{"alertonly":{"type":"string","description_kind":"plain","optional":true,"computed":true},"as_scan_location_sql":{"type":"string","description_kind":"plain","required":true},"as_value_expr_sql":{"type":"string","description_kind":"plain","optional":true,"computed":true},"as_value_type_sql":{"type":"string","description_kind":"plain","optional":true,"computed":true},"comment":{"type":"string","description_kind":"plain","optional":true,"computed":true},"formactionurl_sql":{"type":"string","description_kind":"plain","required":true},"id":{"type":"string","description_kind":"plain","optional":true,"computed":true},"isautodeployed":{"type":"string","description_kind":"plain","optional":true,"computed":true},"isregex_sql":{"type":"string","description_kind":"plain","optional":true,"computed":true},"isvalueregex_sql":{"type":"string","description_kind":"plain","optional":true,"computed":true},"name":{"type":"string","description_kind":"plain","required":true},"sqlinjection":{"type":"string","description_kind":"plain","required":true},"state":{"type":"string","description_kind":"plain","optional":true,"computed":true}},"description_kind":"plain"}},"citrixadc_appfwprofile_starturl_binding":{"version":1,"block":{"attributes":{"alertonly":{"type":"string","description_kind":"plain","optional":true},"comment":{"type":"string","description_kind":"plain","optional":true},"id":{"type":"string","description_kind":"plain","optional":true,"computed":true},"isautodeployed":{"type":"string","description_kind":"plain","optional":true},"name":{"type":"string","description_kind":"plain","required":true},"starturl":{"type":"string","description_kind":"plain","required":true},"state":{"type":"string","description_kind":"plain","optional":true}},"description_kind":"plain"}},"citrixadc_appfwsettings":{"version":1,"block":{"attributes":{"ceflogging":{"type":"string","description_kind":"plain","optional":true,"computed":true},"centralizedlearning":{"type":"string","description_kind":"plain","optional":true,"computed":true},"clientiploggingheader":{"type":"string","description_kind":"plain","optional":true,"computed":true},"cookiepostencryptprefix":{"type":"string","description_kind":"plain","optional":true,"computed":true},"defaultprofile":{"type":"string","description_kind":"plain","optional":true,"computed":true},"entitydecoding":{"type":"string","description_kind":"plain","optional":true,"computed":true},"geolocationlogging":{"type":"string","description_kind":"plain","optional":true,"computed":true},"id":{"type":"string","description_kind":"plain","optional":true,"computed":true},"importsizelimit":{"type":"number","description_kind":"plain","optional":true,"computed":true},"learnratelimit":{"type":"number","description_kind":"plain","optional":true,"computed":true},"logmalformedreq":{"type":"string","description_kind":"plain","optional":true,"computed":true},"malformedreqaction":{"type":["list","string"],"description_kind":"plain","optional":true,"computed":true},"proxyport":{"type":"number","description_kind":"plain","optional":true,"computed":true},"proxyserver":{"type":"string","description_kind":"plain","optional":true,"computed":true},"sessioncookiename":{"type":"string","description_kind":"plain","optional":true,"computed":true},"sessionlifetime":{"type":"number","description_kind":"plain","optional":true,"computed":true},"sessionlimit":{"type":"number","description_kind":"plain","optional":true,"computed":true},"sessiontimeout":{"type":"number","description_kind":"plain","optional":true,"computed":true},"signatureautoupdate":{"type":"string","description_kind":"plain","optional":true,"computed":true},"signatureurl":{"type":"string","description_kind":"plain","optional":true,"computed":true},"undefaction":{"type":"string","description_kind":"plain","optional":true,"computed":true},"useconfigurablesecretkey":{"type":"string","description_kind":"plain","optional":true,"computed":true}},"description_kind":"plain"}},"citrixadc_appfwxmlcontenttype":{"version":1,"block":{"attributes":{"id":{"type":"string","description_kind":"plain","optional":true,"computed":true},"isregex":{"type":"string","description_kind":"plain","optional":true},"xmlcontenttypevalue":{"type":"string","description_kind":"plain","optional":true}},"description_kind":"plain"}},"citrixadc_auditmessageaction":{"version":1,"block":{"attributes":{"bypasssafetycheck":{"type":"string","description_kind":"plain","optional":true,"computed":true},"id":{"type":"string","description_kind":"plain","optional":true,"computed":true},"loglevel":{"type":"string","description_kind":"plain","optional":true,"computed":true},"logtonewnslog":{"type":"string","description_kind":"plain","optional":true,"computed":true},"name":{"type":"string","description_kind":"plain","required":true},"stringbuilderexpr":{"type":"string","description_kind":"plain","optional":true,"computed":true}},"description_kind":"plain"}},"citrixadc_auditsyslogaction":{"version":1,"block":{"attributes":{"acl":{"type":"string","description_kind":"plain","optional":true,"computed":true},"alg":{"type":"string","description_kind":"plain","optional":true,"computed":true},"appflowexport":{"type":"string","description_kind":"plain","optional":true,"computed":true},"contentinspectionlog":{"type":"string","description_kind":"plain","optional":true,"computed":true},"dateformat":{"type":"string","description_kind":"plain","optional":true,"computed":true},"dns":{"type":"string","description_kind":"plain","optional":true,"computed":true},"domainresolvenow":{"type":"bool","description_kind":"plain","optional":true,"computed":true},"domainresolveretry":{"type":"number","description_kind":"plain","optional":true,"computed":true},"id":{"type":"string","description_kind":"plain","optional":true,"computed":true},"lbvservername":{"type":"string","description_kind":"plain","optional":true,"computed":true},"logfacility":{"type":"string","description_kind":"plain","optional":true,"computed":true},"loglevel":{"type":["set","string"],"description_kind":"plain","optional":true,"computed":true},"lsn":{"type":"string","description_kind":"plain","optional":true,"computed":true},"maxlogdatasizetohold":{"type":"number","description_kind":"plain","optional":true,"computed":true},"name":{"type":"string","description_kind":"plain","required":true},"netprofile":{"type":"string","description_kind":"plain","optional":true,"computed":true},"serverdomainname":{"type":"string","description_kind":"plain","optional":true,"computed":true},"serverip":{"type":"string","description_kind":"plain","optional":true,"computed":true},"serverport":{"type":"number","description_kind":"plain","optional":true,"computed":true},"sslinterception":{"type":"string","description_kind":"plain","optional":true,"computed":true},"subscriberlog":{"type":"string","description_kind":"plain","optional":true,"computed":true},"tcp":{"type":"string","description_kind":"plain","optional":true,"computed":true},"tcpprofilename":{"type":"string","description_kind":"plain","optional":true,"computed":true},"timezone":{"type":"string","description_kind":"plain","optional":true,"computed":true},"transport":{"type":"string","description_kind":"plain","optional":true,"computed":true},"urlfiltering":{"type":"string","description_kind":"plain","optional":true,"computed":true},"userdefinedauditlog":{"type":"string","description_kind":"plain","optional":true,"computed":true}},"description_kind":"plain"}},"citrixadc_auditsyslogpolicy":{"version":1,"block":{"attributes":{"action":{"type":"string","description_kind":"plain","optional":true,"computed":true},"id":{"type":"string","description_kind":"plain","optional":true,"computed":true},"name":{"type":"string","description_kind":"plain","required":true},"rule":{"type":"string","description_kind":"plain","optional":true,"computed":true}},"block_types":{"globalbinding":{"nesting_mode":"set","block":{"attributes":{"feature":{"type":"string","description_kind":"plain","optional":true,"computed":true},"globalbindtype":{"type":"string","description_kind":"plain","optional":true,"computed":true},"gotopriorityexpression":{"type":"string","description_kind":"plain","optional":true,"computed":true},"nextfactor":{"type":"string","description_kind":"plain","optional":true,"computed":true},"priority":{"type":"number","description_kind":"plain","optional":true,"computed":true}},"description_kind":"plain"},"max_items":1}},"description_kind":"plain"}},"citrixadc_botpolicy":{"version":1,"block":{"attributes":{"comment":{"type":"string","description_kind":"plain","optional":true,"computed":true},"id":{"type":"string","description_kind":"plain","optional":true,"computed":true},"logaction":{"type":"string","description_kind":"plain","optional":true,"computed":true},"name":{"type":"string","description_kind":"plain","required":true},"profilename":{"type":"string","description_kind":"plain","required":true},"rule":{"type":"string","description_kind":"plain","required":true},"undefaction":{"type":"string","description_kind":"plain","optional":true,"computed":true}},"description_kind":"plain"}},"citrixadc_botpolicylabel":{"version":1,"block":{"attributes":{"comment":{"type":"string","description_kind":"plain","optional":true,"computed":true},"id":{"type":"string","description_kind":"plain","optional":true,"computed":true},"labelname":{"type":"string","description_kind":"plain","required":true}},"description_kind":"plain"}},"citrixadc_botprofile":{"version":1,"block":{"attributes":{"bot_enable_black_list":{"type":"string","description_kind":"plain","optional":true,"computed":true},"bot_enable_ip_reputation":{"type":"string","description_kind":"plain","optional":true,"computed":true},"bot_enable_rate_limit":{"type":"string","description_kind":"plain","optional":true,"computed":true},"bot_enable_tps":{"type":"string","description_kind":"plain","optional":true,"computed":true},"bot_enable_white_list":{"type":"string","description_kind":"plain","optional":true,"computed":true},"comment":{"type":"string","description_kind":"plain","optional":true,"computed":true},"devicefingerprint":{"type":"string","description_kind":"plain","optional":true,"computed":true},"devicefingerprintaction":{"type":["list","string"],"description_kind":"plain","optional":true,"computed":true},"errorurl":{"type":"string","description_kind":"plain","optional":true,"computed":true},"id":{"type":"string","description_kind":"plain","optional":true,"computed":true},"name":{"type":"string","description_kind":"plain","required":true},"signature":{"type":"string","description_kind":"plain","optional":true,"computed":true},"trap":{"type":"string","description_kind":"plain","optional":true,"computed":true},"trapaction":{"type":["list","string"],"description_kind":"plain","optional":true,"computed":true},"trapurl":{"type":"string","description_kind":"plain","optional":true,"computed":true}},"description_kind":"plain"}},"citrixadc_botsettings":{"version":1,"block":{"attributes":{"defaultprofile":{"type":"string","description_kind":"plain","optional":true,"computed":true},"dfprequestlimit":{"type":"number","description_kind":"plain","optional":true,"computed":true},"id":{"type":"string","description_kind":"plain","optional":true,"computed":true},"javascriptname":{"type":"string","description_kind":"plain","optional":true,"computed":true},"proxyport":{"type":"number","description_kind":"plain","optional":true,"computed":true},"proxyserver":{"type":"string","description_kind":"plain","optional":true,"computed":true},"sessioncookiename":{"type":"string","description_kind":"plain","optional":true,"computed":true},"sessiontimeout":{"type":"number","description_kind":"plain","optional":true,"computed":true},"signatureautoupdate":{"type":"string","description_kind":"plain","optional":true,"computed":true},"signatureurl":{"type":"string","description_kind":"plain","optional":true,"computed":true},"trapurlautogenerate":{"type":"string","description_kind":"plain","optional":true,"computed":true},"trapurlinterval":{"type":"number","description_kind":"plain","optional":true,"computed":true},"trapurllength":{"type":"number","description_kind":"plain","optional":true,"computed":true}},"description_kind":"plain"}},"citrixadc_cluster":{"version":1,"block":{"attributes":{"backplanebasedview":{"type":"string","description_kind":"plain","optional":true,"computed":true},"bootstrap_poll_delay":{"type":"string","description_kind":"plain","optional":true},"bootstrap_poll_interval":{"type":"string","description_kind":"plain","optional":true},"bootstrap_poll_timeout":{"type":"string","description_kind":"plain","optional":true},"bootstrap_total_timeout":{"type":"string","description_kind":"plain","optional":true},"clid":{"type":"number","description_kind":"plain","required":true},"clip":{"type":"string","description_kind":"plain","required":true},"clip_migration_poll_delay":{"type":"string","description_kind":"plain","optional":true},"clip_migration_poll_interval":{"type":"string","description_kind":"plain","optional":true},"clip_migration_poll_timeout":{"type":"string","description_kind":"plain","optional":true},"clip_migration_total_timeout":{"type":"string","description_kind":"plain","optional":true},"deadinterval":{"type":"number","description_kind":"plain","optional":true,"computed":true},"hellointerval":{"type":"number","description_kind":"plain","optional":true,"computed":true},"id":{"type":"string","description_kind":"plain","optional":true,"computed":true},"inc":{"type":"string","description_kind":"plain","optional":true,"computed":true},"node_add_poll_delay":{"type":"string","description_kind":"plain","optional":true},"node_add_poll_interval":{"type":"string","description_kind":"plain","optional":true},"node_add_total_timeout":{"type":"string","description_kind":"plain","optional":true},"nodegroup":{"type":"string","description_kind":"plain","optional":true},"preemption":{"type":"string","description_kind":"plain","optional":true,"computed":true},"processlocal":{"type":"string","description_kind":"plain","optional":true,"computed":true},"quorumtype":{"type":"string","description_kind":"plain","optional":true,"computed":true},"retainconnectionsoncluster":{"type":"string","description_kind":"plain","optional":true,"computed":true}},"block_types":{"clusternode":{"nesting_mode":"set","block":{"attributes":{"addsnip":{"type":"bool","description_kind":"plain","optional":true},"backplane":{"type":"string","description_kind":"plain","optional":true,"computed":true},"clearnodegroupconfig":{"type":"string","description_kind":"plain","optional":true},"delay":{"type":"number","description_kind":"plain","optional":true,"computed":true},"endpoint":{"type":"string","description_kind":"plain","required":true},"insecure_skip_verify":{"type":"bool","description":"Ignore validity of endpoint TLS certificate if true","description_kind":"plain","optional":true},"ipaddress":{"type":"string","description_kind":"plain","required":true},"nodegroup":{"type":"string","description_kind":"plain","optional":true,"computed":true},"nodeid":{"type":"number","description_kind":"plain","required":true},"password":{"type":"string","description_kind":"plain","optional":true,"sensitive":true},"priority":{"type":"number","description_kind":"plain","optional":true,"computed":true},"snip_ipaddress":{"type":"string","description_kind":"plain","optional":true},"snip_netmask":{"type":"string","description_kind":"plain","optional":true},"state":{"type":"string","description_kind":"plain","optional":true,"computed":true},"tunnelmode":{"type":"string","description_kind":"plain","optional":true,"computed":true},"username":{"type":"string","description_kind":"plain","optional":true,"sensitive":true},"vtysh":{"type":["list","string"],"description_kind":"plain","optional":true},"vtysh_enable":{"type":"bool","description_kind":"plain","optional":true}},"description_kind":"plain"},"min_items":1},"clusternodegroup":{"nesting_mode":"set","block":{"attributes":{"name":{"type":"string","description_kind":"plain","optional":true,"computed":true},"priority":{"type":"number","description_kind":"plain","optional":true,"computed":true},"state":{"type":"string","description_kind":"plain","optional":true,"computed":true},"sticky":{"type":"string","description_kind":"plain","optional":true,"computed":true},"strict":{"type":"string","description_kind":"plain","optional":true,"computed":true}},"description_kind":"plain"}}},"description_kind":"plain"}},"citrixadc_clusterfiles_syncer":{"version":1,"block":{"attributes":{"id":{"type":"string","description_kind":"plain","optional":true,"computed":true},"mode":{"type":["set","string"],"description_kind":"plain","required":true},"timestamp":{"type":"string","description_kind":"plain","required":true}},"description_kind":"plain"}},"citrixadc_cmppolicy":{"version":1,"block":{"attributes":{"id":{"type":"string","description_kind":"plain","optional":true,"computed":true},"name":{"type":"string","description_kind":"plain","required":true},"resaction":{"type":"string","description_kind":"plain","optional":true,"computed":true},"rule":{"type":"string","description_kind":"plain","optional":true,"computed":true}},"description_kind":"plain"}},"citrixadc_csaction":{"version":1,"block":{"attributes":{"comment":{"type":"string","description_kind":"plain","optional":true,"computed":true},"id":{"type":"string","description_kind":"plain","optional":true,"computed":true},"name":{"type":"string","description_kind":"plain","required":true},"targetlbvserver":{"type":"string","description_kind":"plain","optional":true,"computed":true},"targetvserver":{"type":"string","description_kind":"plain","optional":true,"computed":true},"targetvserverexpr":{"type":"string","description_kind":"plain","optional":true,"computed":true}},"description_kind":"plain"}},"citrixadc_csparameter":{"version":1,"block":{"attributes":{"id":{"type":"string","description_kind":"plain","optional":true,"computed":true},"stateupdate":{"type":"string","description_kind":"plain","optional":true,"computed":true}},"description_kind":"plain"}},"citrixadc_cspolicy":{"version":1,"block":{"attributes":{"action":{"type":"string","description_kind":"plain","optional":true,"computed":true},"csvserver":{"type":"string","description_kind":"plain","optional":true},"domain":{"type":"string","description_kind":"plain","optional":true,"computed":true},"forcenew_id_set":{"type":["set","string"],"description_kind":"plain","optional":true,"computed":true},"id":{"type":"string","description_kind":"plain","optional":true,"computed":true},"logaction":{"type":"string","description_kind":"plain","optional":true,"computed":true},"policyname":{"type":"string","description_kind":"plain","optional":true,"computed":true},"priority":{"type":"number","description_kind":"plain","optional":true},"rule":{"type":"string","description_kind":"plain","optional":true,"computed":true},"targetlbvserver":{"type":"string","description_kind":"plain","optional":true},"url":{"type":"string","description_kind":"plain","optional":true,"computed":true}},"description_kind":"plain"}},"citrixadc_cspolicylabel":{"version":1,"block":{"attributes":{"cspolicylabeltype":{"type":"string","description_kind":"plain","required":true},"id":{"type":"string","description_kind":"plain","optional":true,"computed":true},"labelname":{"type":"string","description_kind":"plain","required":true}},"description_kind":"plain"}},"citrixadc_csvserver":{"version":1,"block":{"attributes":{"appflowlog":{"type":"string","description_kind":"plain","optional":true,"computed":true},"authentication":{"type":"string","description_kind":"plain","optional":true,"computed":true},"authenticationhost":{"type":"string","description_kind":"plain","optional":true,"computed":true},"authn401":{"type":"string","description_kind":"plain","optional":true,"computed":true},"authnprofile":{"type":"string","description_kind":"plain","optional":true,"computed":true},"authnvsname":{"type":"string","description_kind":"plain","optional":true,"computed":true},"backupip":{"type":"string","description_kind":"plain","optional":true,"computed":true},"backupvserver":{"type":"string","description_kind":"plain","optional":true,"computed":true},"cacheable":{"type":"string","description_kind":"plain","optional":true,"computed":true},"casesensitive":{"type":"string","description_kind":"plain","optional":true,"computed":true},"ciphers":{"type":["list","string"],"description_kind":"plain","optional":true},"ciphersuites":{"type":["list","string"],"description_kind":"plain","optional":true},"clttimeout":{"type":"number","description_kind":"plain","optional":true,"computed":true},"comment":{"type":"string","description_kind":"plain","optional":true,"computed":true},"cookiedomain":{"type":"string","description_kind":"plain","optional":true,"computed":true},"cookietimeout":{"type":"number","description_kind":"plain","optional":true,"computed":true},"dbprofilename":{"type":"string","description_kind":"plain","optional":true,"computed":true},"disableprimaryondown":{"type":"string","description_kind":"plain","optional":true,"computed":true},"dnsprofilename":{"type":"string","description_kind":"plain","optional":true,"computed":true},"dnsrecordtype":{"type":"string","description_kind":"plain","optional":true,"computed":true},"domainname":{"type":"string","description_kind":"plain","optional":true,"computed":true},"downstateflush":{"type":"string","description_kind":"plain","optional":true,"computed":true},"httpprofilename":{"type":"string","description_kind":"plain","optional":true,"computed":true},"icmpvsrresponse":{"type":"string","description_kind":"plain","optional":true,"computed":true},"id":{"type":"string","description_kind":"plain","optional":true,"computed":true},"insertvserveripport":{"type":"string","description_kind":"plain","optional":true,"computed":true},"ipmask":{"type":"string","description_kind":"plain","optional":true,"computed":true},"ippattern":{"type":"string","description_kind":"plain","optional":true,"computed":true},"ipset":{"type":"string","description_kind":"plain","optional":true,"computed":true},"ipv46":{"type":"string","description_kind":"plain","optional":true,"computed":true},"l2conn":{"type":"string","description_kind":"plain","optional":true,"computed":true},"lbvserverbinding":{"type":"string","description_kind":"plain","optional":true},"listenpolicy":{"type":"string","description_kind":"plain","optional":true,"computed":true},"listenpriority":{"type":"number","description_kind":"plain","optional":true,"computed":true},"mssqlserverversion":{"type":"string","description_kind":"plain","optional":true,"computed":true},"mysqlcharacterset":{"type":"number","description_kind":"plain","optional":true,"computed":true},"mysqlprotocolversion":{"type":"number","description_kind":"plain","optional":true,"computed":true},"mysqlservercapabilities":{"type":"number","description_kind":"plain","optional":true,"computed":true},"mysqlserverversion":{"type":"string","description_kind":"plain","optional":true,"computed":true},"name":{"type":"string","description_kind":"plain","optional":true,"computed":true},"netprofile":{"type":"string","description_kind":"plain","optional":true,"computed":true},"oracleserverversion":{"type":"string","description_kind":"plain","optional":true,"computed":true},"persistenceid":{"type":"number","description_kind":"plain","optional":true,"computed":true},"port":{"type":"number","description_kind":"plain","optional":true,"computed":true},"precedence":{"type":"string","description_kind":"plain","optional":true,"computed":true},"push":{"type":"string","description_kind":"plain","optional":true,"computed":true},"pushlabel":{"type":"string","description_kind":"plain","optional":true,"computed":true},"pushmulticlients":{"type":"string","description_kind":"plain","optional":true,"computed":true},"pushvserver":{"type":"string","description_kind":"plain","optional":true,"computed":true},"range":{"type":"number","description_kind":"plain","optional":true,"computed":true},"redirectportrewrite":{"type":"string","description_kind":"plain","optional":true,"computed":true},"redirecturl":{"type":"string","description_kind":"plain","optional":true,"computed":true},"rhistate":{"type":"string","description_kind":"plain","optional":true,"computed":true},"rtspnat":{"type":"string","description_kind":"plain","optional":true,"computed":true},"servicetype":{"type":"string","description_kind":"plain","optional":true,"computed":true},"sitedomainttl":{"type":"number","description_kind":"plain","optional":true,"computed":true},"snisslcertkeys":{"type":["set","string"],"description_kind":"plain","optional":true},"sobackupaction":{"type":"string","description_kind":"plain","optional":true,"computed":true},"somethod":{"type":"string","description_kind":"plain","optional":true,"computed":true},"sopersistence":{"type":"string","description_kind":"plain","optional":true,"computed":true},"sopersistencetimeout":{"type":"number","description_kind":"plain","optional":true,"computed":true},"sothreshold":{"type":"number","description_kind":"plain","optional":true,"computed":true},"sslcertkey":{"type":"string","description_kind":"plain","optional":true},"sslprofile":{"type":"string","description_kind":"plain","optional":true},"state":{"type":"string","description_kind":"plain","optional":true,"computed":true},"stateupdate":{"type":"string","description_kind":"plain","optional":true,"computed":true},"targettype":{"type":"string","description_kind":"plain","optional":true,"computed":true},"tcpprofilename":{"type":"string","description_kind":"plain","optional":true,"computed":true},"td":{"type":"number","description_kind":"plain","optional":true,"computed":true},"ttl":{"type":"number","description_kind":"plain","optional":true,"computed":true},"vipheader":{"type":"string","description_kind":"plain","optional":true,"computed":true}},"block_types":{"sslpolicybinding":{"nesting_mode":"set","block":{"attributes":{"gotopriorityexpression":{"type":"string","description_kind":"plain","optional":true,"computed":true},"invoke":{"type":"bool","description_kind":"plain","optional":true,"computed":true},"labelname":{"type":"string","description_kind":"plain","optional":true,"computed":true},"labeltype":{"type":"string","description_kind":"plain","optional":true,"computed":true},"policyname":{"type":"string","description_kind":"plain","optional":true,"computed":true},"priority":{"type":"number","description_kind":"plain","optional":true,"computed":true},"type":{"type":"string","description_kind":"plain","optional":true,"computed":true}},"description_kind":"plain"}}},"description_kind":"plain"}},"citrixadc_csvserver_analyticsprofile_binding":{"version":1,"block":{"attributes":{"analyticsprofile":{"type":"string","description_kind":"plain","required":true},"id":{"type":"string","description_kind":"plain","optional":true,"computed":true},"name":{"type":"string","description_kind":"plain","required":true}},"description_kind":"plain"}},"citrixadc_csvserver_appfwpolicy_binding":{"version":1,"block":{"attributes":{"bindpoint":{"type":"string","description_kind":"plain","optional":true,"computed":true},"gotopriorityexpression":{"type":"string","description_kind":"plain","optional":true,"computed":true},"id":{"type":"string","description_kind":"plain","optional":true,"computed":true},"invoke":{"type":"bool","description_kind":"plain","optional":true,"computed":true},"labelname":{"type":"string","description_kind":"plain","optional":true,"computed":true},"labeltype":{"type":"string","description_kind":"plain","optional":true,"computed":true},"name":{"type":"string","description_kind":"plain","required":true},"policyname":{"type":"string","description_kind":"plain","required":true},"priority":{"type":"number","description_kind":"plain","optional":true,"computed":true},"targetlbvserver":{"type":"string","description_kind":"plain","optional":true,"computed":true}},"description_kind":"plain"}},"citrixadc_csvserver_appqoepolicy_binding":{"version":1,"block":{"attributes":{"bindpoint":{"type":"string","description_kind":"plain","optional":true,"computed":true},"gotopriorityexpression":{"type":"string","description_kind":"plain","optional":true,"computed":true},"id":{"type":"string","description_kind":"plain","optional":true,"computed":true},"invoke":{"type":"bool","description_kind":"plain","optional":true,"computed":true},"labelname":{"type":"string","description_kind":"plain","optional":true,"computed":true},"labeltype":{"type":"string","description_kind":"plain","optional":true,"computed":true},"name":{"type":"string","description_kind":"plain","required":true},"policyname":{"type":"string","description_kind":"plain","required":true},"priority":{"type":"number","description_kind":"plain","required":true},"targetlbvserver":{"type":"string","description_kind":"plain","optional":true,"computed":true}},"description_kind":"plain"}},"citrixadc_csvserver_auditnslogpolicy_binding":{"version":1,"block":{"attributes":{"bindpoint":{"type":"string","description_kind":"plain","optional":true,"computed":true},"gotopriorityexpression":{"type":"string","description_kind":"plain","optional":true,"computed":true},"id":{"type":"string","description_kind":"plain","optional":true,"computed":true},"invoke":{"type":"bool","description_kind":"plain","optional":true,"computed":true},"labelname":{"type":"string","description_kind":"plain","optional":true,"computed":true},"labeltype":{"type":"string","description_kind":"plain","optional":true,"computed":true},"name":{"type":"string","description_kind":"plain","required":true},"policyname":{"type":"string","description_kind":"plain","required":true},"priority":{"type":"number","description_kind":"plain","optional":true,"computed":true},"targetlbvserver":{"type":"string","description_kind":"plain","optional":true,"computed":true}},"description_kind":"plain"}},"citrixadc_csvserver_auditsyslogpolicy_binding":{"version":1,"block":{"attributes":{"bindpoint":{"type":"string","description_kind":"plain","optional":true,"computed":true},"gotopriorityexpression":{"type":"string","description_kind":"plain","optional":true,"computed":true},"id":{"type":"string","description_kind":"plain","optional":true,"computed":true},"invoke":{"type":"bool","description_kind":"plain","optional":true,"computed":true},"labelname":{"type":"string","description_kind":"plain","optional":true,"computed":true},"labeltype":{"type":"string","description_kind":"plain","optional":true,"computed":true},"name":{"type":"string","description_kind":"plain","required":true},"policyname":{"type":"string","description_kind":"plain","required":true},"priority":{"type":"number","description_kind":"plain","optional":true,"computed":true},"targetlbvserver":{"type":"string","description_kind":"plain","optional":true,"computed":true}},"description_kind":"plain"}},"citrixadc_csvserver_authorizationpolicy_binding":{"version":1,"block":{"attributes":{"bindpoint":{"type":"string","description_kind":"plain","optional":true,"computed":true},"gotopriorityexpression":{"type":"string","description_kind":"plain","optional":true,"computed":true},"id":{"type":"string","description_kind":"plain","optional":true,"computed":true},"invoke":{"type":"bool","description_kind":"plain","optional":true,"computed":true},"labelname":{"type":"string","description_kind":"plain","optional":true,"computed":true},"labeltype":{"type":"string","description_kind":"plain","optional":true,"computed":true},"name":{"type":"string","description_kind":"plain","required":true},"policyname":{"type":"string","description_kind":"plain","required":true},"priority":{"type":"number","description_kind":"plain","optional":true,"computed":true},"targetlbvserver":{"type":"string","description_kind":"plain","optional":true,"computed":true}},"description_kind":"plain"}},"citrixadc_csvserver_botpolicy_binding":{"version":1,"block":{"attributes":{"bindpoint":{"type":"string","description_kind":"plain","optional":true,"computed":true},"gotopriorityexpression":{"type":"string","description_kind":"plain","optional":true,"computed":true},"id":{"type":"string","description_kind":"plain","optional":true,"computed":true},"invoke":{"type":"bool","description_kind":"plain","optional":true,"computed":true},"labelname":{"type":"string","description_kind":"plain","optional":true,"computed":true},"labeltype":{"type":"string","description_kind":"plain","optional":true,"computed":true},"name":{"type":"string","description_kind":"plain","required":true},"policyname":{"type":"string","description_kind":"plain","required":true},"priority":{"type":"number","description_kind":"plain","optional":true,"computed":true},"targetlbvserver":{"type":"string","description_kind":"plain","optional":true,"computed":true}},"description_kind":"plain"}},"citrixadc_csvserver_cachepolicy_binding":{"version":1,"block":{"attributes":{"bindpoint":{"type":"string","description_kind":"plain","optional":true,"computed":true},"gotopriorityexpression":{"type":"string","description_kind":"plain","optional":true,"computed":true},"id":{"type":"string","description_kind":"plain","optional":true,"computed":true},"invoke":{"type":"bool","description_kind":"plain","optional":true,"computed":true},"labelname":{"type":"string","description_kind":"plain","optional":true,"computed":true},"labeltype":{"type":"string","description_kind":"plain","optional":true,"computed":true},"name":{"type":"string","description_kind":"plain","required":true},"policyname":{"type":"string","description_kind":"plain","required":true},"priority":{"type":"number","description_kind":"plain","optional":true,"computed":true},"targetlbvserver":{"type":"string","description_kind":"plain","optional":true,"computed":true}},"description_kind":"plain"}},"citrixadc_csvserver_cmppolicy_binding":{"version":1,"block":{"attributes":{"bindpoint":{"type":"string","description_kind":"plain","optional":true,"computed":true},"gotopriorityexpression":{"type":"string","description_kind":"plain","optional":true,"computed":true},"id":{"type":"string","description_kind":"plain","optional":true,"computed":true},"invoke":{"type":"bool","description_kind":"plain","optional":true,"computed":true},"labelname":{"type":"string","description_kind":"plain","optional":true,"computed":true},"labeltype":{"type":"string","description_kind":"plain","optional":true,"computed":true},"name":{"type":"string","description_kind":"plain","required":true},"policyname":{"type":"string","description_kind":"plain","required":true},"priority":{"type":"number","description_kind":"plain","optional":true,"computed":true},"targetlbvserver":{"type":"string","description_kind":"plain","optional":true,"computed":true}},"description_kind":"plain"}},"citrixadc_csvserver_contentinspectionpolicy_binding":{"version":1,"block":{"attributes":{"bindpoint":{"type":"string","description_kind":"plain","optional":true,"computed":true},"gotopriorityexpression":{"type":"string","description_kind":"plain","optional":true,"computed":true},"id":{"type":"string","description_kind":"plain","optional":true,"computed":true},"invoke":{"type":"bool","description_kind":"plain","optional":true,"computed":true},"labelname":{"type":"string","description_kind":"plain","optional":true,"computed":true},"labeltype":{"type":"string","description_kind":"plain","optional":true,"computed":true},"name":{"type":"string","description_kind":"plain","required":true},"policyname":{"type":"string","description_kind":"plain","required":true},"priority":{"type":"number","description_kind":"plain","optional":true,"computed":true},"targetlbvserver":{"type":"string","description_kind":"plain","optional":true,"computed":true}},"description_kind":"plain"}},"citrixadc_csvserver_cspolicy_binding":{"version":1,"block":{"attributes":{"bindpoint":{"type":"string","description_kind":"plain","optional":true,"computed":true},"gotopriorityexpression":{"type":"string","description_kind":"plain","optional":true,"computed":true},"id":{"type":"string","description_kind":"plain","optional":true,"computed":true},"invoke":{"type":"bool","description_kind":"plain","optional":true,"computed":true},"labelname":{"type":"string","description_kind":"plain","optional":true,"computed":true},"labeltype":{"type":"string","description_kind":"plain","optional":true,"computed":true},"name":{"type":"string","description_kind":"plain","required":true},"policyname":{"type":"string","description_kind":"plain","required":true},"priority":{"type":"number","description_kind":"plain","optional":true,"computed":true},"targetlbvserver":{"type":"string","description_kind":"plain","optional":true,"computed":true}},"description_kind":"plain"}},"citrixadc_csvserver_feopolicy_binding":{"version":1,"block":{"attributes":{"bindpoint":{"type":"string","description_kind":"plain","optional":true,"computed":true},"gotopriorityexpression":{"type":"string","description_kind":"plain","optional":true,"computed":true},"id":{"type":"string","description_kind":"plain","optional":true,"computed":true},"invoke":{"type":"bool","description_kind":"plain","optional":true,"computed":true},"labelname":{"type":"string","description_kind":"plain","optional":true,"computed":true},"labeltype":{"type":"string","description_kind":"plain","optional":true,"computed":true},"name":{"type":"string","description_kind":"plain","required":true},"policyname":{"type":"string","description_kind":"plain","required":true},"priority":{"type":"number","description_kind":"plain","optional":true,"computed":true},"targetlbvserver":{"type":"string","description_kind":"plain","optional":true,"computed":true}},"description_kind":"plain"}},"citrixadc_csvserver_filterpolicy_binding":{"version":1,"block":{"attributes":{"bindpoint":{"type":"string","description_kind":"plain","optional":true,"computed":true},"gotopriorityexpression":{"type":"string","description_kind":"plain","optional":true,"computed":true},"id":{"type":"string","description_kind":"plain","optional":true,"computed":true},"invoke":{"type":"bool","description_kind":"plain","optional":true,"computed":true},"labelname":{"type":"string","description_kind":"plain","optional":true,"computed":true},"labeltype":{"type":"string","description_kind":"plain","optional":true,"computed":true},"name":{"type":"string","description_kind":"plain","required":true},"policyname":{"type":"string","description_kind":"plain","required":true},"priority":{"type":"number","description_kind":"plain","optional":true,"computed":true},"targetlbvserver":{"type":"string","description_kind":"plain","optional":true,"computed":true}},"description_kind":"plain"}},"citrixadc_csvserver_gslbvserver_binding":{"version":1,"block":{"attributes":{"id":{"type":"string","description_kind":"plain","optional":true,"computed":true},"name":{"type":"string","description_kind":"plain","required":true},"vserver":{"type":"string","description_kind":"plain","required":true}},"description_kind":"plain"}},"citrixadc_csvserver_responderpolicy_binding":{"version":1,"block":{"attributes":{"bindpoint":{"type":"string","description_kind":"plain","optional":true,"computed":true},"gotopriorityexpression":{"type":"string","description_kind":"plain","optional":true,"computed":true},"id":{"type":"string","description_kind":"plain","optional":true,"computed":true},"invoke":{"type":"bool","description_kind":"plain","optional":true,"computed":true},"labelname":{"type":"string","description_kind":"plain","optional":true,"computed":true},"labeltype":{"type":"string","description_kind":"plain","optional":true,"computed":true},"name":{"type":"string","description_kind":"plain","required":true},"policyname":{"type":"string","description_kind":"plain","required":true},"priority":{"type":"number","description_kind":"plain","optional":true,"computed":true},"targetlbvserver":{"type":"string","description_kind":"plain","optional":true,"computed":true}},"description_kind":"plain"}},"citrixadc_csvserver_rewritepolicy_binding":{"version":1,"block":{"attributes":{"bindpoint":{"type":"string","description_kind":"plain","optional":true,"computed":true},"gotopriorityexpression":{"type":"string","description_kind":"plain","optional":true,"computed":true},"id":{"type":"string","description_kind":"plain","optional":true,"computed":true},"invoke":{"type":"bool","description_kind":"plain","optional":true,"computed":true},"labelname":{"type":"string","description_kind":"plain","optional":true,"computed":true},"labeltype":{"type":"string","description_kind":"plain","optional":true,"computed":true},"name":{"type":"string","description_kind":"plain","required":true},"policyname":{"type":"string","description_kind":"plain","required":true},"priority":{"type":"number","description_kind":"plain","optional":true,"computed":true},"targetlbvserver":{"type":"string","description_kind":"plain","optional":true,"computed":true}},"description_kind":"plain"}},"citrixadc_csvserver_spilloverpolicy_binding":{"version":1,"block":{"attributes":{"bindpoint":{"type":"string","description_kind":"plain","optional":true,"computed":true},"gotopriorityexpression":{"type":"string","description_kind":"plain","optional":true,"computed":true},"id":{"type":"string","description_kind":"plain","optional":true,"computed":true},"invoke":{"type":"bool","description_kind":"plain","optional":true,"computed":true},"labelname":{"type":"string","description_kind":"plain","optional":true,"computed":true},"labeltype":{"type":"string","description_kind":"plain","optional":true,"computed":true},"name":{"type":"string","description_kind":"plain","required":true},"policyname":{"type":"string","description_kind":"plain","required":true},"priority":{"type":"number","description_kind":"plain","optional":true,"computed":true},"targetlbvserver":{"type":"string","description_kind":"plain","optional":true,"computed":true}},"description_kind":"plain"}},"citrixadc_csvserver_tmtrafficpolicy_binding":{"version":1,"block":{"attributes":{"bindpoint":{"type":"string","description_kind":"plain","optional":true,"computed":true},"gotopriorityexpression":{"type":"string","description_kind":"plain","optional":true,"computed":true},"id":{"type":"string","description_kind":"plain","optional":true,"computed":true},"invoke":{"type":"bool","description_kind":"plain","optional":true,"computed":true},"labelname":{"type":"string","description_kind":"plain","optional":true,"computed":true},"labeltype":{"type":"string","description_kind":"plain","optional":true,"computed":true},"name":{"type":"string","description_kind":"plain","required":true},"policyname":{"type":"string","description_kind":"plain","required":true},"priority":{"type":"number","description_kind":"plain","optional":true,"computed":true},"targetlbvserver":{"type":"string","description_kind":"plain","optional":true,"computed":true}},"description_kind":"plain"}},"citrixadc_csvserver_transformpolicy_binding":{"version":1,"block":{"attributes":{"bindpoint":{"type":"string","description_kind":"plain","optional":true,"computed":true},"gotopriorityexpression":{"type":"string","description_kind":"plain","optional":true,"computed":true},"id":{"type":"string","description_kind":"plain","optional":true,"computed":true},"invoke":{"type":"bool","description_kind":"plain","optional":true,"computed":true},"labelname":{"type":"string","description_kind":"plain","optional":true,"computed":true},"labeltype":{"type":"string","description_kind":"plain","optional":true,"computed":true},"name":{"type":"string","description_kind":"plain","required":true},"policyname":{"type":"string","description_kind":"plain","required":true},"priority":{"type":"number","description_kind":"plain","optional":true,"computed":true},"targetlbvserver":{"type":"string","description_kind":"plain","optional":true,"computed":true}},"description_kind":"plain"}},"citrixadc_csvserver_vpnvserver_binding":{"version":1,"block":{"attributes":{"id":{"type":"string","description_kind":"plain","optional":true,"computed":true},"name":{"type":"string","description_kind":"plain","required":true},"vserver":{"type":"string","description_kind":"plain","required":true}},"description_kind":"plain"}},"citrixadc_dnsnsrec":{"version":1,"block":{"attributes":{"domain":{"type":"string","description_kind":"plain","required":true},"id":{"type":"string","description_kind":"plain","optional":true,"computed":true},"nameserver":{"type":"string","description_kind":"plain","required":true},"ttl":{"type":"number","description_kind":"plain","optional":true,"computed":true}},"description_kind":"plain"}},"citrixadc_dnsparameter":{"version":1,"block":{"attributes":{"cacheecszeroprefix":{"type":"string","description_kind":"plain","optional":true,"computed":true},"cachehitbypass":{"type":"string","description_kind":"plain","optional":true,"computed":true},"cachenoexpire":{"type":"string","description_kind":"plain","optional":true,"computed":true},"cacherecords":{"type":"string","description_kind":"plain","optional":true,"computed":true},"dns64timeout":{"type":"number","description_kind":"plain","optional":true,"computed":true},"dnsrootreferral":{"type":"string","description_kind":"plain","optional":true,"computed":true},"dnssec":{"type":"string","description_kind":"plain","optional":true,"computed":true},"ecsmaxsubnets":{"type":"number","description_kind":"plain","optional":true,"computed":true},"id":{"type":"string","description_kind":"plain","optional":true,"computed":true},"maxcachesize":{"type":"number","description_kind":"plain","optional":true,"computed":true},"maxnegativecachesize":{"type":"number","description_kind":"plain","optional":true,"computed":true},"maxnegcachettl":{"type":"number","description_kind":"plain","optional":true,"computed":true},"maxpipeline":{"type":"number","description_kind":"plain","optional":true,"computed":true},"maxttl":{"type":"number","description_kind":"plain","optional":true,"computed":true},"maxudppacketsize":{"type":"number","description_kind":"plain","optional":true,"computed":true},"minttl":{"type":"number","description_kind":"plain","optional":true,"computed":true},"namelookuppriority":{"type":"string","description_kind":"plain","optional":true,"computed":true},"nxdomainratelimitthreshold":{"type":"number","description_kind":"plain","optional":true,"computed":true},"recursion":{"type":"string","description_kind":"plain","optional":true,"computed":true},"resolutionorder":{"type":"string","description_kind":"plain","optional":true,"computed":true},"retries":{"type":"number","description_kind":"plain","optional":true,"computed":true},"splitpktqueryprocessing":{"type":"string","description_kind":"plain","optional":true,"computed":true}},"description_kind":"plain"}},"citrixadc_dnssoarec":{"version":1,"block":{"attributes":{"contact":{"type":"string","description_kind":"plain","optional":true,"computed":true},"domain":{"type":"string","description_kind":"plain","required":true},"ecssubnet":{"type":"string","description_kind":"plain","optional":true,"computed":true},"expire":{"type":"number","description_kind":"plain","optional":true,"computed":true},"id":{"type":"string","description_kind":"plain","optional":true,"computed":true},"minimum":{"type":"number","description_kind":"plain","optional":true,"computed":true},"nodeid":{"type":"number","description_kind":"plain","optional":true,"computed":true},"originserver":{"type":"string","description_kind":"plain","optional":true,"computed":true},"refresh":{"type":"number","description_kind":"plain","optional":true,"computed":true},"retry":{"type":"number","description_kind":"plain","optional":true,"computed":true},"serial":{"type":"number","description_kind":"plain","optional":true,"computed":true},"ttl":{"type":"number","description_kind":"plain","optional":true,"computed":true},"type":{"type":"string","description_kind":"plain","optional":true,"computed":true}},"description_kind":"plain"}},"citrixadc_filterglobal_filterpolicy_binding":{"version":1,"block":{"attributes":{"id":{"type":"string","description_kind":"plain","optional":true,"computed":true},"policyname":{"type":"string","description_kind":"plain","required":true},"priority":{"type":"number","description_kind":"plain","optional":true,"computed":true},"state":{"type":"string","description_kind":"plain","optional":true,"computed":true}},"description_kind":"plain"}},"citrixadc_filterpolicy":{"version":1,"block":{"attributes":{"id":{"type":"string","description_kind":"plain","optional":true,"computed":true},"name":{"type":"string","description_kind":"plain","required":true},"reqaction":{"type":"string","description_kind":"plain","optional":true,"computed":true},"resaction":{"type":"string","description_kind":"plain","optional":true,"computed":true},"rule":{"type":"string","description_kind":"plain","optional":true,"computed":true}},"description_kind":"plain"}},"citrixadc_gslbservice":{"version":1,"block":{"attributes":{"appflowlog":{"type":"string","description_kind":"plain","optional":true,"computed":true},"cip":{"type":"string","description_kind":"plain","optional":true,"computed":true},"cipheader":{"type":"string","description_kind":"plain","optional":true,"computed":true},"clttimeout":{"type":"number","description_kind":"plain","optional":true,"computed":true},"cnameentry":{"type":"string","description_kind":"plain","optional":true,"computed":true},"comment":{"type":"string","description_kind":"plain","optional":true,"computed":true},"cookietimeout":{"type":"number","description_kind":"plain","optional":true,"computed":true},"delay":{"type":"number","description_kind":"plain","optional":true,"computed":true},"downstateflush":{"type":"string","description_kind":"plain","optional":true,"computed":true},"hashid":{"type":"number","description_kind":"plain","optional":true,"computed":true},"healthmonitor":{"type":"string","description_kind":"plain","optional":true,"computed":true},"id":{"type":"string","description_kind":"plain","optional":true,"computed":true},"ip":{"type":"string","description_kind":"plain","optional":true,"computed":true},"ipaddress":{"type":"string","description_kind":"plain","optional":true,"computed":true},"maxaaausers":{"type":"number","description_kind":"plain","optional":true,"computed":true},"maxbandwidth":{"type":"number","description_kind":"plain","optional":true,"computed":true},"maxclient":{"type":"number","description_kind":"plain","optional":true,"computed":true},"monitornamesvc":{"type":"string","description_kind":"plain","optional":true,"computed":true},"monthreshold":{"type":"number","description_kind":"plain","optional":true,"computed":true},"naptrdomainttl":{"type":"number","description_kind":"plain","optional":true,"computed":true},"naptrorder":{"type":"number","description_kind":"plain","optional":true,"computed":true},"naptrpreference":{"type":"number","description_kind":"plain","optional":true,"computed":true},"naptrreplacement":{"type":"string","description_kind":"plain","optional":true,"computed":true},"naptrservices":{"type":"string","description_kind":"plain","optional":true,"computed":true},"port":{"type":"number","description_kind":"plain","optional":true,"computed":true},"publicip":{"type":"string","description_kind":"plain","optional":true,"computed":true},"publicport":{"type":"number","description_kind":"plain","optional":true,"computed":true},"servername":{"type":"string","description_kind":"plain","optional":true,"computed":true},"servicename":{"type":"string","description_kind":"plain","optional":true,"computed":true},"servicetype":{"type":"string","description_kind":"plain","optional":true,"computed":true},"sitename":{"type":"string","description_kind":"plain","optional":true,"computed":true},"sitepersistence":{"type":"string","description_kind":"plain","optional":true,"computed":true},"siteprefix":{"type":"string","description_kind":"plain","optional":true,"computed":true},"state":{"type":"string","description_kind":"plain","optional":true,"computed":true},"svrtimeout":{"type":"number","description_kind":"plain","optional":true,"computed":true},"viewip":{"type":"string","description_kind":"plain","optional":true,"computed":true},"viewname":{"type":"string","description_kind":"plain","optional":true,"computed":true},"weight":{"type":"number","description_kind":"plain","optional":true,"computed":true}},"block_types":{"lbmonitorbinding":{"nesting_mode":"set","block":{"attributes":{"monitor_name":{"type":"string","description_kind":"plain","optional":true,"computed":true},"monstate":{"type":"string","description_kind":"plain","optional":true,"computed":true},"weight":{"type":"number","description_kind":"plain","optional":true,"computed":true}},"description_kind":"plain"}}},"description_kind":"plain"}},"citrixadc_gslbsite":{"version":1,"block":{"attributes":{"clip":{"type":"string","description_kind":"plain","optional":true,"computed":true},"id":{"type":"string","description_kind":"plain","optional":true,"computed":true},"metricexchange":{"type":"string","description_kind":"plain","optional":true,"computed":true},"naptrreplacementsuffix":{"type":"string","description_kind":"plain","optional":true,"computed":true},"nwmetricexchange":{"type":"string","description_kind":"plain","optional":true,"computed":true},"parentsite":{"type":"string","description_kind":"plain","optional":true,"computed":true},"publicclip":{"type":"string","description_kind":"plain","optional":true,"computed":true},"publicip":{"type":"string","description_kind":"plain","optional":true,"computed":true},"sessionexchange":{"type":"string","description_kind":"plain","optional":true,"computed":true},"siteipaddress":{"type":"string","description_kind":"plain","optional":true,"computed":true},"sitename":{"type":"string","description_kind":"plain","optional":true,"computed":true},"sitetype":{"type":"string","description_kind":"plain","optional":true,"computed":true},"triggermonitor":{"type":"string","description_kind":"plain","optional":true,"computed":true}},"description_kind":"plain"}},"citrixadc_gslbvserver":{"version":1,"block":{"attributes":{"appflowlog":{"type":"string","description_kind":"plain","optional":true,"computed":true},"backupip":{"type":"string","description_kind":"plain","optional":true,"computed":true},"backuplbmethod":{"type":"string","description_kind":"plain","optional":true,"computed":true},"backupsessiontimeout":{"type":"number","description_kind":"plain","optional":true,"computed":true},"backupvserver":{"type":"string","description_kind":"plain","optional":true,"computed":true},"comment":{"type":"string","description_kind":"plain","optional":true,"computed":true},"considereffectivestate":{"type":"string","description_kind":"plain","optional":true,"computed":true},"cookiedomain":{"type":"string","description_kind":"plain","optional":true,"computed":true},"cookietimeout":{"type":"number","description_kind":"plain","optional":true,"computed":true},"disableprimaryondown":{"type":"string","description_kind":"plain","optional":true,"computed":true},"dnsrecordtype":{"type":"string","description_kind":"plain","optional":true,"computed":true},"domainname":{"type":"string","description_kind":"plain","optional":true,"computed":true},"dynamicweight":{"type":"string","description_kind":"plain","optional":true,"computed":true},"ecs":{"type":"string","description_kind":"plain","optional":true,"computed":true},"ecsaddrvalidation":{"type":"string","description_kind":"plain","optional":true,"computed":true},"edr":{"type":"string","description_kind":"plain","optional":true,"computed":true},"id":{"type":"string","description_kind":"plain","optional":true,"computed":true},"iptype":{"type":"string","description_kind":"plain","optional":true,"computed":true},"lbmethod":{"type":"string","description_kind":"plain","optional":true,"computed":true},"mir":{"type":"string","description_kind":"plain","optional":true,"computed":true},"name":{"type":"string","description_kind":"plain","optional":true,"computed":true},"netmask":{"type":"string","description_kind":"plain","optional":true,"computed":true},"persistenceid":{"type":"number","description_kind":"plain","optional":true,"computed":true},"persistencetype":{"type":"string","description_kind":"plain","optional":true,"computed":true},"persistmask":{"type":"string","description_kind":"plain","optional":true,"computed":true},"servicename":{"type":"string","description_kind":"plain","optional":true,"computed":true},"servicetype":{"type":"string","description_kind":"plain","optional":true,"computed":true},"sitedomainttl":{"type":"number","description_kind":"plain","optional":true,"computed":true},"sobackupaction":{"type":"string","description_kind":"plain","optional":true,"computed":true},"somethod":{"type":"string","description_kind":"plain","optional":true,"computed":true},"sopersistence":{"type":"string","description_kind":"plain","optional":true,"computed":true},"sopersistencetimeout":{"type":"number","description_kind":"plain","optional":true,"computed":true},"sothreshold":{"type":"number","description_kind":"plain","optional":true,"computed":true},"state":{"type":"string","description_kind":"plain","optional":true,"computed":true},"timeout":{"type":"number","description_kind":"plain","optional":true,"computed":true},"tolerance":{"type":"number","description_kind":"plain","optional":true,"computed":true},"ttl":{"type":"number","description_kind":"plain","optional":true,"computed":true},"v6netmasklen":{"type":"number","description_kind":"plain","optional":true,"computed":true},"v6persistmasklen":{"type":"number","description_kind":"plain","optional":true,"computed":true},"weight":{"type":"number","description_kind":"plain","optional":true,"computed":true}},"block_types":{"domain":{"nesting_mode":"set","block":{"attributes":{"backupip":{"type":"string","description_kind":"plain","optional":true,"computed":true},"backupipflag":{"type":"bool","description_kind":"plain","optional":true,"computed":true},"cookiedomain":{"type":"string","description_kind":"plain","optional":true,"computed":true},"cookiedomainflag":{"type":"bool","description_kind":"plain","optional":true,"computed":true},"cookietimeout":{"type":"number","description_kind":"plain","optional":true,"computed":true},"domainname":{"type":"string","description_kind":"plain","optional":true,"computed":true},"name":{"type":"string","description_kind":"plain","optional":true,"computed":true},"sitedomainttl":{"type":"number","description_kind":"plain","optional":true,"computed":true},"ttl":{"type":"number","description_kind":"plain","optional":true,"computed":true}},"description_kind":"plain"}},"service":{"nesting_mode":"set","block":{"attributes":{"domainname":{"type":"string","description_kind":"plain","optional":true,"computed":true},"servicename":{"type":"string","description_kind":"plain","required":true},"weight":{"type":"number","description_kind":"plain","optional":true,"computed":true}},"description_kind":"plain"}}},"description_kind":"plain"}},"citrixadc_inat":{"version":1,"block":{"attributes":{"ftp":{"type":"string","description_kind":"plain","optional":true,"computed":true},"id":{"type":"string","description_kind":"plain","optional":true,"computed":true},"mode":{"type":"string","description_kind":"plain","optional":true,"computed":true},"name":{"type":"string","description_kind":"plain","required":true},"privateip":{"type":"string","description_kind":"plain","optional":true,"computed":true},"proxyip":{"type":"string","description_kind":"plain","optional":true,"computed":true},"publicip":{"type":"string","description_kind":"plain","optional":true,"computed":true},"tcpproxy":{"type":"string","description_kind":"plain","optional":true,"computed":true},"td":{"type":"number","description_kind":"plain","optional":true,"computed":true},"tftp":{"type":"string","description_kind":"plain","optional":true,"computed":true},"useproxyport":{"type":"string","description_kind":"plain","optional":true,"computed":true},"usip":{"type":"string","description_kind":"plain","optional":true,"computed":true},"usnip":{"type":"string","description_kind":"plain","optional":true,"computed":true}},"description_kind":"plain"}},"citrixadc_installer":{"version":1,"block":{"attributes":{"enhancedupgrade":{"type":"bool","description_kind":"plain","optional":true,"computed":true},"id":{"type":"string","description_kind":"plain","optional":true,"computed":true},"l":{"type":"bool","description_kind":"plain","optional":true,"computed":true},"reachable_poll_delay":{"type":"string","description_kind":"plain","optional":true},"reachable_poll_interval":{"type":"string","description_kind":"plain","optional":true},"reachable_poll_timeout":{"type":"string","description_kind":"plain","optional":true},"reachable_timeout":{"type":"string","description_kind":"plain","optional":true},"resizeswapvar":{"type":"bool","description_kind":"plain","optional":true,"computed":true},"url":{"type":"string","description_kind":"plain","optional":true,"computed":true},"wait_until_reachable":{"type":"bool","description_kind":"plain","required":true},"y":{"type":"bool","description_kind":"plain","optional":true,"computed":true}},"description_kind":"plain"}},"citrixadc_interface":{"version":1,"block":{"attributes":{"autoneg":{"type":"string","description_kind":"plain","optional":true,"computed":true},"bandwidthhigh":{"type":"number","description_kind":"plain","optional":true,"computed":true},"bandwidthnormal":{"type":"number","description_kind":"plain","optional":true,"computed":true},"duplex":{"type":"string","description_kind":"plain","optional":true,"computed":true},"flowctl":{"type":"string","description_kind":"plain","optional":true,"computed":true},"haheartbeat":{"type":"string","description_kind":"plain","optional":true,"computed":true},"hamonitor":{"type":"string","description_kind":"plain","optional":true,"computed":true},"id":{"type":"string","description_kind":"plain","optional":true,"computed":true},"ifalias":{"type":"string","description_kind":"plain","optional":true,"computed":true},"interface_id":{"type":"string","description_kind":"plain","required":true},"lacpkey":{"type":"number","description_kind":"plain","optional":true,"computed":true},"lacpmode":{"type":"string","description_kind":"plain","optional":true,"computed":true},"lacppriority":{"type":"number","description_kind":"plain","optional":true,"computed":true},"lacptimeout":{"type":"string","description_kind":"plain","optional":true,"computed":true},"lagtype":{"type":"string","description_kind":"plain","optional":true,"computed":true},"linkredundancy":{"type":"string","description_kind":"plain","optional":true,"computed":true},"lldpmode":{"type":"string","description_kind":"plain","optional":true,"computed":true},"lrsetpriority":{"type":"number","description_kind":"plain","optional":true,"computed":true},"mtu":{"type":"number","description_kind":"plain","optional":true,"computed":true},"ringsize":{"type":"number","description_kind":"plain","optional":true,"computed":true},"ringtype":{"type":"string","description_kind":"plain","optional":true,"computed":true},"speed":{"type":"string","description_kind":"plain","optional":true,"computed":true},"tagall":{"type":"string","description_kind":"plain","optional":true,"computed":true},"throughput":{"type":"number","description_kind":"plain","optional":true,"computed":true},"trunk":{"type":"string","description_kind":"plain","optional":true,"computed":true},"trunkmode":{"type":"string","description_kind":"plain","optional":true,"computed":true}},"description_kind":"plain"}},"citrixadc_ipset":{"version":1,"block":{"attributes":{"id":{"type":"string","description_kind":"plain","optional":true,"computed":true},"name":{"type":"string","description_kind":"plain","required":true},"nsip6binding":{"type":["set","string"],"description_kind":"plain","optional":true},"nsipbinding":{"type":["set","string"],"description_kind":"plain","optional":true},"td":{"type":"number","description_kind":"plain","optional":true,"computed":true}},"description_kind":"plain"}},"citrixadc_iptunnel":{"version":1,"block":{"attributes":{"grepayload":{"type":"string","description_kind":"plain","optional":true,"computed":true},"id":{"type":"string","description_kind":"plain","optional":true,"computed":true},"ipsecprofilename":{"type":"string","description_kind":"plain","optional":true,"computed":true},"local":{"type":"string","description_kind":"plain","optional":true,"computed":true},"name":{"type":"string","description_kind":"plain","required":true},"ownergroup":{"type":"string","description_kind":"plain","optional":true,"computed":true},"protocol":{"type":"string","description_kind":"plain","optional":true,"computed":true},"remote":{"type":"string","description_kind":"plain","optional":true,"computed":true},"remotesubnetmask":{"type":"string","description_kind":"plain","optional":true,"computed":true},"vlan":{"type":"number","description_kind":"plain","optional":true,"computed":true}},"description_kind":"plain"}},"citrixadc_lbgroup":{"version":1,"block":{"attributes":{"backuppersistencetimeout":{"type":"number","description_kind":"plain","optional":true,"computed":true},"cookiedomain":{"type":"string","description_kind":"plain","optional":true,"computed":true},"cookiename":{"type":"string","description_kind":"plain","optional":true,"computed":true},"id":{"type":"string","description_kind":"plain","optional":true,"computed":true},"name":{"type":"string","description_kind":"plain","required":true},"persistencebackup":{"type":"string","description_kind":"plain","optional":true,"computed":true},"persistencetype":{"type":"string","description_kind":"plain","optional":true,"computed":true},"persistmask":{"type":"string","description_kind":"plain","optional":true,"computed":true},"rule":{"type":"string","description_kind":"plain","optional":true,"computed":true},"timeout":{"type":"number","description_kind":"plain","optional":true,"computed":true},"usevserverpersistency":{"type":"string","description_kind":"plain","optional":true,"computed":true},"v6persistmasklen":{"type":"number","description_kind":"plain","optional":true,"computed":true}},"description_kind":"plain"}},"citrixadc_lbgroup_lbvserver_binding":{"version":1,"block":{"attributes":{"id":{"type":"string","description_kind":"plain","optional":true,"computed":true},"name":{"type":"string","description_kind":"plain","required":true},"vservername":{"type":"string","description_kind":"plain","required":true}},"description_kind":"plain"}},"citrixadc_lbmetrictable":{"version":1,"block":{"attributes":{"id":{"type":"string","description_kind":"plain","optional":true,"computed":true},"metrictable":{"type":"string","description_kind":"plain","required":true}},"description_kind":"plain"}},"citrixadc_lbmonitor":{"version":1,"block":{"attributes":{"action":{"type":"string","description_kind":"plain","optional":true,"computed":true},"alertretries":{"type":"number","description_kind":"plain","optional":true,"computed":true},"application":{"type":"string","description_kind":"plain","optional":true,"computed":true},"attribute":{"type":"string","description_kind":"plain","optional":true,"computed":true},"basedn":{"type":"string","description_kind":"plain","optional":true,"computed":true},"binddn":{"type":"string","description_kind":"plain","optional":true,"computed":true},"customheaders":{"type":"string","description_kind":"plain","optional":true,"computed":true},"database":{"type":"string","description_kind":"plain","optional":true,"computed":true},"destip":{"type":"string","description_kind":"plain","optional":true,"computed":true},"destport":{"type":"number","description_kind":"plain","optional":true,"computed":true},"deviation":{"type":"number","description_kind":"plain","optional":true,"computed":true},"dispatcherip":{"type":"string","description_kind":"plain","optional":true,"computed":true},"dispatcherport":{"type":"number","description_kind":"plain","optional":true,"computed":true},"domain":{"type":"string","description_kind":"plain","optional":true,"computed":true},"downtime":{"type":"number","description_kind":"plain","optional":true,"computed":true},"evalrule":{"type":"string","description_kind":"plain","optional":true,"computed":true},"failureretries":{"type":"number","description_kind":"plain","optional":true,"computed":true},"filename":{"type":"string","description_kind":"plain","optional":true,"computed":true},"filter":{"type":"string","description_kind":"plain","optional":true,"computed":true},"firmwarerevision":{"type":"number","description_kind":"plain","optional":true,"computed":true},"group":{"type":"string","description_kind":"plain","optional":true,"computed":true},"hostipaddress":{"type":"string","description_kind":"plain","optional":true,"computed":true},"hostname":{"type":"string","description_kind":"plain","optional":true,"computed":true},"httprequest":{"type":"string","description_kind":"plain","optional":true,"computed":true},"id":{"type":"string","description_kind":"plain","optional":true,"computed":true},"inbandsecurityid":{"type":"string","description_kind":"plain","optional":true,"computed":true},"interval":{"type":"number","description_kind":"plain","optional":true,"computed":true},"iptunnel":{"type":"string","description_kind":"plain","optional":true,"computed":true},"kcdaccount":{"type":"string","description_kind":"plain","optional":true,"computed":true},"lasversion":{"type":"string","description_kind":"plain","optional":true,"computed":true},"logonpointname":{"type":"string","description_kind":"plain","optional":true,"computed":true},"lrtm":{"type":"string","description_kind":"plain","optional":true,"computed":true},"maxforwards":{"type":"number","description_kind":"plain","optional":true,"computed":true},"metric":{"type":"string","description_kind":"plain","optional":true,"computed":true},"metrictable":{"type":"string","description_kind":"plain","optional":true,"computed":true},"metricthreshold":{"type":"number","description_kind":"plain","optional":true,"computed":true},"metricweight":{"type":"number","description_kind":"plain","optional":true,"computed":true},"monitorname":{"type":"string","description_kind":"plain","optional":true,"computed":true},"mssqlprotocolversion":{"type":"string","description_kind":"plain","optional":true,"computed":true},"netprofile":{"type":"string","description_kind":"plain","optional":true,"computed":true},"oraclesid":{"type":"string","description_kind":"plain","optional":true,"computed":true},"originhost":{"type":"string","description_kind":"plain","optional":true,"computed":true},"originrealm":{"type":"string","description_kind":"plain","optional":true,"computed":true},"password":{"type":"string","description_kind":"plain","optional":true,"computed":true},"productname":{"type":"string","description_kind":"plain","optional":true,"computed":true},"query":{"type":"string","description_kind":"plain","optional":true,"computed":true},"querytype":{"type":"string","description_kind":"plain","optional":true,"computed":true},"radaccountsession":{"type":"string","description_kind":"plain","optional":true,"computed":true},"radaccounttype":{"type":"number","description_kind":"plain","optional":true,"computed":true},"radapn":{"type":"string","description_kind":"plain","optional":true,"computed":true},"radframedip":{"type":"string","description_kind":"plain","optional":true,"computed":true},"radkey":{"type":"string","description_kind":"plain","optional":true,"computed":true},"radmsisdn":{"type":"string","description_kind":"plain","optional":true,"computed":true},"radnasid":{"type":"string","description_kind":"plain","optional":true,"computed":true},"radnasip":{"type":"string","description_kind":"plain","optional":true,"computed":true},"recv":{"type":"string","description_kind":"plain","optional":true,"computed":true},"respcode":{"type":["list","string"],"description_kind":"plain","optional":true,"computed":true},"resptimeout":{"type":"number","description_kind":"plain","optional":true,"computed":true},"resptimeoutthresh":{"type":"number","description_kind":"plain","optional":true,"computed":true},"retries":{"type":"number","description_kind":"plain","optional":true,"computed":true},"reverse":{"type":"string","description_kind":"plain","optional":true,"computed":true},"rtsprequest":{"type":"string","description_kind":"plain","optional":true,"computed":true},"scriptargs":{"type":"string","description_kind":"plain","optional":true,"computed":true},"scriptname":{"type":"string","description_kind":"plain","optional":true,"computed":true},"secondarypassword":{"type":"string","description_kind":"plain","optional":true,"computed":true},"secure":{"type":"string","description_kind":"plain","optional":true,"computed":true},"send":{"type":"string","description_kind":"plain","optional":true,"computed":true},"servicegroupname":{"type":"string","description_kind":"plain","optional":true,"computed":true},"servicename":{"type":"string","description_kind":"plain","optional":true,"computed":true},"sipmethod":{"type":"string","description_kind":"plain","optional":true,"computed":true},"sipreguri":{"type":"string","description_kind":"plain","optional":true,"computed":true},"sipuri":{"type":"string","description_kind":"plain","optional":true,"computed":true},"sitepath":{"type":"string","description_kind":"plain","optional":true,"computed":true},"snmpcommunity":{"type":"string","description_kind":"plain","optional":true,"computed":true},"snmpoid":{"type":"string","description_kind":"plain","optional":true,"computed":true},"snmpthreshold":{"type":"string","description_kind":"plain","optional":true,"computed":true},"snmpversion":{"type":"string","description_kind":"plain","optional":true,"computed":true},"sqlquery":{"type":"string","description_kind":"plain","optional":true,"computed":true},"sslprofile":{"type":"string","description_kind":"plain","optional":true,"computed":true},"state":{"type":"string","description_kind":"plain","optional":true,"computed":true},"storedb":{"type":"string","description_kind":"plain","optional":true,"computed":true},"storefrontacctservice":{"type":"string","description_kind":"plain","optional":true,"computed":true},"storefrontcheckbackendservices":{"type":"string","description_kind":"plain","optional":true,"computed":true},"storename":{"type":"string","description_kind":"plain","optional":true,"computed":true},"successretries":{"type":"number","description_kind":"plain","optional":true,"computed":true},"tos":{"type":"string","description_kind":"plain","optional":true,"computed":true},"tosid":{"type":"number","description_kind":"plain","optional":true,"computed":true},"transparent":{"type":"string","description_kind":"plain","optional":true,"computed":true},"trofscode":{"type":"number","description_kind":"plain","optional":true,"computed":true},"trofsstring":{"type":"string","description_kind":"plain","optional":true,"computed":true},"type":{"type":"string","description_kind":"plain","optional":true,"computed":true},"units1":{"type":"string","description_kind":"plain","optional":true,"computed":true},"units2":{"type":"string","description_kind":"plain","optional":true,"computed":true},"units3":{"type":"string","description_kind":"plain","optional":true,"computed":true},"units4":{"type":"string","description_kind":"plain","optional":true,"computed":true},"username":{"type":"string","description_kind":"plain","optional":true,"computed":true},"validatecred":{"type":"string","description_kind":"plain","optional":true,"computed":true},"vendorid":{"type":"number","description_kind":"plain","optional":true,"computed":true},"vendorspecificvendorid":{"type":"number","description_kind":"plain","optional":true,"computed":true}},"description_kind":"plain"}},"citrixadc_lbmonitor_metric_binding":{"version":1,"block":{"attributes":{"id":{"type":"string","description_kind":"plain","optional":true,"computed":true},"metric":{"type":"string","description_kind":"plain","required":true},"metricthreshold":{"type":"number","description_kind":"plain","optional":true},"metricweight":{"type":"number","description_kind":"plain","optional":true},"monitorname":{"type":"string","description_kind":"plain","required":true}},"description_kind":"plain"}},"citrixadc_lbmonitor_sslcertkey_binding":{"version":1,"block":{"attributes":{"ca":{"type":"bool","description_kind":"plain","optional":true,"computed":true},"certkeyname":{"type":"string","description_kind":"plain","required":true},"crlcheck":{"type":"string","description_kind":"plain","optional":true,"computed":true},"id":{"type":"string","description_kind":"plain","optional":true,"computed":true},"monitorname":{"type":"string","description_kind":"plain","required":true},"ocspcheck":{"type":"string","description_kind":"plain","optional":true,"computed":true}},"description_kind":"plain"}},"citrixadc_lbparameter":{"version":1,"block":{"attributes":{"allowboundsvcremoval":{"type":"string","description_kind":"plain","optional":true,"computed":true},"computedadccookieattribute":{"type":"string","description_kind":"plain","optional":true,"computed":true},"consolidatedlconn":{"type":"string","description_kind":"plain","optional":true,"computed":true},"cookiepassphrase":{"type":"string","description_kind":"plain","optional":true,"computed":true},"dbsttl":{"type":"number","description_kind":"plain","optional":true,"computed":true},"dropmqttjumbomessage":{"type":"string","description_kind":"plain","optional":true,"computed":true},"httponlycookieflag":{"type":"string","description_kind":"plain","optional":true,"computed":true},"id":{"type":"string","description_kind":"plain","optional":true,"computed":true},"lbhashalgorithm":{"type":"string","description_kind":"plain","optional":true,"computed":true},"lbhashfingers":{"type":"number","description_kind":"plain","optional":true,"computed":true},"literaladccookieattribute":{"type":"string","description_kind":"plain","optional":true,"computed":true},"maxpipelinenat":{"type":"number","description_kind":"plain","optional":true,"computed":true},"monitorconnectionclose":{"type":"string","description_kind":"plain","optional":true,"computed":true},"monitorskipmaxclient":{"type":"string","description_kind":"plain","optional":true,"computed":true},"preferdirectroute":{"type":"string","description_kind":"plain","optional":true,"computed":true},"retainservicestate":{"type":"string","description_kind":"plain","optional":true,"computed":true},"startuprrfactor":{"type":"number","description_kind":"plain","optional":true,"computed":true},"storemqttclientidandusername":{"type":"string","description_kind":"plain","optional":true,"computed":true},"useencryptedpersistencecookie":{"type":"string","description_kind":"plain","optional":true,"computed":true},"useportforhashlb":{"type":"string","description_kind":"plain","optional":true,"computed":true},"usesecuredpersistencecookie":{"type":"string","description_kind":"plain","optional":true,"computed":true},"vserverspecificmac":{"type":"string","description_kind":"plain","optional":true,"computed":true}},"description_kind":"plain"}},"citrixadc_lbprofile":{"version":1,"block":{"attributes":{"computedadccookieattribute":{"type":"string","description_kind":"plain","optional":true,"computed":true},"cookiepassphrase":{"type":"string","description_kind":"plain","optional":true,"computed":true},"dbslb":{"type":"string","description_kind":"plain","optional":true,"computed":true},"httponlycookieflag":{"type":"string","description_kind":"plain","optional":true,"computed":true},"id":{"type":"string","description_kind":"plain","optional":true,"computed":true},"lbhashalgorithm":{"type":"string","description_kind":"plain","optional":true,"computed":true},"lbhashfingers":{"type":"number","description_kind":"plain","optional":true,"computed":true},"lbprofilename":{"type":"string","description_kind":"plain","required":true},"literaladccookieattribute":{"type":"string","description_kind":"plain","optional":true,"computed":true},"processlocal":{"type":"string","description_kind":"plain","optional":true,"computed":true},"storemqttclientidandusername":{"type":"string","description_kind":"plain","optional":true,"computed":true},"useencryptedpersistencecookie":{"type":"string","description_kind":"plain","optional":true,"computed":true},"usesecuredpersistencecookie":{"type":"string","description_kind":"plain","optional":true,"computed":true}},"description_kind":"plain"}},"citrixadc_lbroute":{"version":1,"block":{"attributes":{"gatewayname":{"type":"string","description_kind":"plain","required":true},"id":{"type":"string","description_kind":"plain","optional":true,"computed":true},"netmask":{"type":"string","description_kind":"plain","required":true},"network":{"type":"string","description_kind":"plain","required":true},"td":{"type":"number","description_kind":"plain","optional":true}},"description_kind":"plain"}},"citrixadc_lbroute6":{"version":1,"block":{"attributes":{"gatewayname":{"type":"string","description_kind":"plain","required":true},"id":{"type":"string","description_kind":"plain","optional":true,"computed":true},"network":{"type":"string","description_kind":"plain","required":true},"td":{"type":"number","description_kind":"plain","optional":true,"computed":true}},"description_kind":"plain"}},"citrixadc_lbsipparameters":{"version":1,"block":{"attributes":{"addrportvip":{"type":"string","description_kind":"plain","optional":true,"computed":true},"id":{"type":"string","description_kind":"plain","optional":true,"computed":true},"retrydur":{"type":"number","description_kind":"plain","optional":true,"computed":true},"rnatdstport":{"type":"number","description_kind":"plain","optional":true,"computed":true},"rnatsecuredstport":{"type":"number","description_kind":"plain","optional":true,"computed":true},"rnatsecuresrcport":{"type":"number","description_kind":"plain","optional":true,"computed":true},"rnatsrcport":{"type":"number","description_kind":"plain","optional":true,"computed":true},"sip503ratethreshold":{"type":"number","description_kind":"plain","optional":true,"computed":true}},"description_kind":"plain"}},"citrixadc_lbvserver":{"version":1,"block":{"attributes":{"appflowlog":{"type":"string","description_kind":"plain","optional":true,"computed":true},"authentication":{"type":"string","description_kind":"plain","optional":true,"computed":true},"authenticationhost":{"type":"string","description_kind":"plain","optional":true,"computed":true},"authn401":{"type":"string","description_kind":"plain","optional":true,"computed":true},"authnprofile":{"type":"string","description_kind":"plain","optional":true,"computed":true},"authnvsname":{"type":"string","description_kind":"plain","optional":true,"computed":true},"backuplbmethod":{"type":"string","description_kind":"plain","optional":true,"computed":true},"backuppersistencetimeout":{"type":"number","description_kind":"plain","optional":true,"computed":true},"backupvserver":{"type":"string","description_kind":"plain","optional":true,"computed":true},"bypassaaaa":{"type":"string","description_kind":"plain","optional":true,"computed":true},"cacheable":{"type":"string","description_kind":"plain","optional":true,"computed":true},"ciphers":{"type":["list","string"],"description_kind":"plain","optional":true},"ciphersuites":{"type":["list","string"],"description_kind":"plain","optional":true},"clttimeout":{"type":"number","description_kind":"plain","optional":true,"computed":true},"comment":{"type":"string","description_kind":"plain","optional":true,"computed":true},"connfailover":{"type":"string","description_kind":"plain","optional":true,"computed":true},"cookiename":{"type":"string","description_kind":"plain","optional":true,"computed":true},"datalength":{"type":"number","description_kind":"plain","optional":true,"computed":true},"dataoffset":{"type":"number","description_kind":"plain","optional":true,"computed":true},"dbprofilename":{"type":"string","description_kind":"plain","optional":true,"computed":true},"dbslb":{"type":"string","description_kind":"plain","optional":true,"computed":true},"disableprimaryondown":{"type":"string","description_kind":"plain","optional":true,"computed":true},"dns64":{"type":"string","description_kind":"plain","optional":true,"computed":true},"dnsprofilename":{"type":"string","description_kind":"plain","optional":true,"computed":true},"downstateflush":{"type":"string","description_kind":"plain","optional":true,"computed":true},"hashlength":{"type":"number","description_kind":"plain","optional":true,"computed":true},"healththreshold":{"type":"number","description_kind":"plain","optional":true,"computed":true},"httpprofilename":{"type":"string","description_kind":"plain","optional":true,"computed":true},"httpsredirecturl":{"type":"string","description_kind":"plain","optional":true,"computed":true},"icmpvsrresponse":{"type":"string","description_kind":"plain","optional":true,"computed":true},"id":{"type":"string","description_kind":"plain","optional":true,"computed":true},"insertvserveripport":{"type":"string","description_kind":"plain","optional":true,"computed":true},"ipmask":{"type":"string","description_kind":"plain","optional":true,"computed":true},"ippattern":{"type":"string","description_kind":"plain","optional":true,"computed":true},"ipset":{"type":"string","description_kind":"plain","optional":true,"computed":true},"ipv46":{"type":"string","description_kind":"plain","optional":true,"computed":true},"l2conn":{"type":"string","description_kind":"plain","optional":true,"computed":true},"lbmethod":{"type":"string","description_kind":"plain","optional":true,"computed":true},"lbprofilename":{"type":"string","description_kind":"plain","optional":true,"computed":true},"listenpolicy":{"type":"string","description_kind":"plain","optional":true,"computed":true},"listenpriority":{"type":"number","description_kind":"plain","optional":true,"computed":true},"m":{"type":"string","description_kind":"plain","optional":true,"computed":true},"macmoderetainvlan":{"type":"string","description_kind":"plain","optional":true,"computed":true},"maxautoscalemembers":{"type":"number","description_kind":"plain","optional":true,"computed":true},"minautoscalemembers":{"type":"number","description_kind":"plain","optional":true,"computed":true},"mssqlserverversion":{"type":"string","description_kind":"plain","optional":true,"computed":true},"mysqlcharacterset":{"type":"number","description_kind":"plain","optional":true,"computed":true},"mysqlprotocolversion":{"type":"number","description_kind":"plain","optional":true,"computed":true},"mysqlservercapabilities":{"type":"number","description_kind":"plain","optional":true,"computed":true},"mysqlserverversion":{"type":"string","description_kind":"plain","optional":true,"computed":true},"name":{"type":"string","description_kind":"plain","optional":true,"computed":true},"netmask":{"type":"string","description_kind":"plain","optional":true,"computed":true},"netprofile":{"type":"string","description_kind":"plain","optional":true,"computed":true},"newname":{"type":"string","description_kind":"plain","optional":true,"computed":true},"newservicerequest":{"type":"number","description_kind":"plain","optional":true,"computed":true},"newservicerequestincrementinterval":{"type":"number","description_kind":"plain","optional":true,"computed":true},"newservicerequestunit":{"type":"string","description_kind":"plain","optional":true,"computed":true},"oracleserverversion":{"type":"string","description_kind":"plain","optional":true,"computed":true},"persistencebackup":{"type":"string","description_kind":"plain","optional":true,"computed":true},"persistencetype":{"type":"string","description_kind":"plain","optional":true,"computed":true},"persistmask":{"type":"string","description_kind":"plain","optional":true,"computed":true},"port":{"type":"number","description_kind":"plain","optional":true,"computed":true},"pq":{"type":"string","description_kind":"plain","optional":true,"computed":true},"processlocal":{"type":"string","description_kind":"plain","optional":true,"computed":true},"push":{"type":"string","description_kind":"plain","optional":true,"computed":true},"pushlabel":{"type":"string","description_kind":"plain","optional":true,"computed":true},"pushmulticlients":{"type":"string","description_kind":"plain","optional":true,"computed":true},"pushvserver":{"type":"string","description_kind":"plain","optional":true,"computed":true},"quicbridgeprofilename":{"type":"string","description_kind":"plain","optional":true},"range":{"type":"number","description_kind":"plain","optional":true,"computed":true},"recursionavailable":{"type":"string","description_kind":"plain","optional":true,"computed":true},"redirectfromport":{"type":"number","description_kind":"plain","optional":true,"computed":true},"redirectportrewrite":{"type":"string","description_kind":"plain","optional":true,"computed":true},"redirurl":{"type":"string","description_kind":"plain","optional":true,"computed":true},"redirurlflags":{"type":"bool","description_kind":"plain","optional":true,"computed":true},"resrule":{"type":"string","description_kind":"plain","optional":true,"computed":true},"retainconnectionsoncluster":{"type":"string","description_kind":"plain","optional":true,"computed":true},"rhistate":{"type":"string","description_kind":"plain","optional":true,"computed":true},"rtspnat":{"type":"string","description_kind":"plain","optional":true,"computed":true},"rule":{"type":"string","description_kind":"plain","optional":true,"computed":true},"sc":{"type":"string","description_kind":"plain","optional":true,"computed":true},"servicename":{"type":"string","description_kind":"plain","optional":true,"computed":true},"servicetype":{"type":"string","description_kind":"plain","optional":true,"computed":true},"sessionless":{"type":"string","description_kind":"plain","optional":true,"computed":true},"skippersistency":{"type":"string","description_kind":"plain","optional":true,"computed":true},"snisslcertkeys":{"type":["set","string"],"description_kind":"plain","optional":true},"sobackupaction":{"type":"string","description_kind":"plain","optional":true,"computed":true},"somethod":{"type":"string","description_kind":"plain","optional":true,"computed":true},"sopersistence":{"type":"string","description_kind":"plain","optional":true,"computed":true},"sopersistencetimeout":{"type":"number","description_kind":"plain","optional":true,"computed":true},"sothreshold":{"type":"number","description_kind":"plain","optional":true,"computed":true},"sslcertkey":{"type":"string","description_kind":"plain","optional":true},"sslprofile":{"type":"string","description_kind":"plain","optional":true},"state":{"type":"string","description_kind":"plain","optional":true,"computed":true},"tcpprofilename":{"type":"string","description_kind":"plain","optional":true,"computed":true},"td":{"type":"number","description_kind":"plain","optional":true,"computed":true},"timeout":{"type":"number","description_kind":"plain","optional":true,"computed":true},"tosid":{"type":"number","description_kind":"plain","optional":true,"computed":true},"trofspersistence":{"type":"string","description_kind":"plain","optional":true,"computed":true},"v6netmasklen":{"type":"number","description_kind":"plain","optional":true,"computed":true},"v6persistmasklen":{"type":"number","description_kind":"plain","optional":true,"computed":true},"vipheader":{"type":"string","description_kind":"plain","optional":true,"computed":true},"weight":{"type":"number","description_kind":"plain","optional":true,"computed":true}},"block_types":{"sslpolicybinding":{"nesting_mode":"set","block":{"attributes":{"gotopriorityexpression":{"type":"string","description_kind":"plain","optional":true,"computed":true},"invoke":{"type":"bool","description_kind":"plain","optional":true,"computed":true},"labelname":{"type":"string","description_kind":"plain","optional":true,"computed":true},"labeltype":{"type":"string","description_kind":"plain","optional":true,"computed":true},"policyname":{"type":"string","description_kind":"plain","optional":true,"computed":true},"priority":{"type":"number","description_kind":"plain","optional":true,"computed":true},"type":{"type":"string","description_kind":"plain","optional":true,"computed":true}},"description_kind":"plain"}}},"description_kind":"plain"}},"citrixadc_lbvserver_analyticsprofile_binding":{"version":1,"block":{"attributes":{"analyticsprofile":{"type":"string","description_kind":"plain","required":true},"id":{"type":"string","description_kind":"plain","optional":true,"computed":true},"name":{"type":"string","description_kind":"plain","required":true}},"description_kind":"plain"}},"citrixadc_lbvserver_appflowpolicy_binding":{"version":1,"block":{"attributes":{"bindpoint":{"type":"string","description_kind":"plain","optional":true,"computed":true},"gotopriorityexpression":{"type":"string","description_kind":"plain","optional":true,"computed":true},"id":{"type":"string","description_kind":"plain","optional":true,"computed":true},"invoke":{"type":"bool","description_kind":"plain","optional":true,"computed":true},"labelname":{"type":"string","description_kind":"plain","optional":true,"computed":true},"labeltype":{"type":"string","description_kind":"plain","optional":true,"computed":true},"name":{"type":"string","description_kind":"plain","required":true},"policyname":{"type":"string","description_kind":"plain","required":true},"priority":{"type":"number","description_kind":"plain","optional":true,"computed":true}},"description_kind":"plain"}},"citrixadc_lbvserver_appfwpolicy_binding":{"version":1,"block":{"attributes":{"bindpoint":{"type":"string","description_kind":"plain","optional":true,"computed":true},"gotopriorityexpression":{"type":"string","description_kind":"plain","optional":true,"computed":true},"id":{"type":"string","description_kind":"plain","optional":true,"computed":true},"invoke":{"type":"bool","description_kind":"plain","optional":true,"computed":true},"labelname":{"type":"string","description_kind":"plain","optional":true,"computed":true},"labeltype":{"type":"string","description_kind":"plain","optional":true,"computed":true},"name":{"type":"string","description_kind":"plain","required":true},"policyname":{"type":"string","description_kind":"plain","required":true},"priority":{"type":"number","description_kind":"plain","optional":true,"computed":true}},"description_kind":"plain"}},"citrixadc_lbvserver_appqoepolicy_binding":{"version":1,"block":{"attributes":{"bindpoint":{"type":"string","description_kind":"plain","optional":true,"computed":true},"gotopriorityexpression":{"type":"string","description_kind":"plain","optional":true,"computed":true},"id":{"type":"string","description_kind":"plain","optional":true,"computed":true},"invoke":{"type":"bool","description_kind":"plain","optional":true,"computed":true},"labelname":{"type":"string","description_kind":"plain","optional":true,"computed":true},"labeltype":{"type":"string","description_kind":"plain","optional":true,"computed":true},"name":{"type":"string","description_kind":"plain","required":true},"policyname":{"type":"string","description_kind":"plain","required":true},"priority":{"type":"number","description_kind":"plain","optional":true,"computed":true}},"description_kind":"plain"}},"citrixadc_lbvserver_auditsyslogpolicy_binding":{"version":1,"block":{"attributes":{"bindpoint":{"type":"string","description_kind":"plain","optional":true,"computed":true},"gotopriorityexpression":{"type":"string","description_kind":"plain","optional":true,"computed":true},"id":{"type":"string","description_kind":"plain","optional":true,"computed":true},"invoke":{"type":"bool","description_kind":"plain","optional":true,"computed":true},"labelname":{"type":"string","description_kind":"plain","optional":true,"computed":true},"labeltype":{"type":"string","description_kind":"plain","optional":true,"computed":true},"name":{"type":"string","description_kind":"plain","required":true},"policyname":{"type":"string","description_kind":"plain","required":true},"priority":{"type":"number","description_kind":"plain","optional":true,"computed":true}},"description_kind":"plain"}},"citrixadc_lbvserver_authorizationpolicy_binding":{"version":1,"block":{"attributes":{"bindpoint":{"type":"string","description_kind":"plain","optional":true,"computed":true},"gotopriorityexpression":{"type":"string","description_kind":"plain","optional":true,"computed":true},"id":{"type":"string","description_kind":"plain","optional":true,"computed":true},"invoke":{"type":"bool","description_kind":"plain","optional":true,"computed":true},"labelname":{"type":"string","description_kind":"plain","optional":true,"computed":true},"labeltype":{"type":"string","description_kind":"plain","optional":true,"computed":true},"name":{"type":"string","description_kind":"plain","required":true},"policyname":{"type":"string","description_kind":"plain","required":true},"priority":{"type":"number","description_kind":"plain","optional":true,"computed":true}},"description_kind":"plain"}},"citrixadc_lbvserver_botpolicy_binding":{"version":1,"block":{"attributes":{"bindpoint":{"type":"string","description_kind":"plain","optional":true,"computed":true},"gotopriorityexpression":{"type":"string","description_kind":"plain","optional":true,"computed":true},"id":{"type":"string","description_kind":"plain","optional":true,"computed":true},"invoke":{"type":"bool","description_kind":"plain","optional":true,"computed":true},"labelname":{"type":"string","description_kind":"plain","optional":true,"computed":true},"labeltype":{"type":"string","description_kind":"plain","optional":true,"computed":true},"name":{"type":"string","description_kind":"plain","required":true},"policyname":{"type":"string","description_kind":"plain","required":true},"priority":{"type":"number","description_kind":"plain","optional":true,"computed":true}},"description_kind":"plain"}},"citrixadc_lbvserver_cachepolicy_binding":{"version":1,"block":{"attributes":{"bindpoint":{"type":"string","description_kind":"plain","optional":true,"computed":true},"gotopriorityexpression":{"type":"string","description_kind":"plain","optional":true,"computed":true},"id":{"type":"string","description_kind":"plain","optional":true,"computed":true},"invoke":{"type":"bool","description_kind":"plain","optional":true,"computed":true},"labelname":{"type":"string","description_kind":"plain","optional":true,"computed":true},"labeltype":{"type":"string","description_kind":"plain","optional":true,"computed":true},"name":{"type":"string","description_kind":"plain","required":true},"policyname":{"type":"string","description_kind":"plain","required":true},"priority":{"type":"number","description_kind":"plain","optional":true,"computed":true}},"description_kind":"plain"}},"citrixadc_lbvserver_cmppolicy_binding":{"version":1,"block":{"attributes":{"bindpoint":{"type":"string","description_kind":"plain","optional":true,"computed":true},"gotopriorityexpression":{"type":"string","description_kind":"plain","optional":true,"computed":true},"id":{"type":"string","description_kind":"plain","optional":true,"computed":true},"invoke":{"type":"bool","description_kind":"plain","optional":true,"computed":true},"labelname":{"type":"string","description_kind":"plain","optional":true,"computed":true},"labeltype":{"type":"string","description_kind":"plain","optional":true,"computed":true},"name":{"type":"string","description_kind":"plain","required":true},"policyname":{"type":"string","description_kind":"plain","required":true},"priority":{"type":"number","description_kind":"plain","optional":true,"computed":true}},"description_kind":"plain"}},"citrixadc_lbvserver_contentinspectionpolicy_binding":{"version":1,"block":{"attributes":{"bindpoint":{"type":"string","description_kind":"plain","optional":true,"computed":true},"gotopriorityexpression":{"type":"string","description_kind":"plain","optional":true,"computed":true},"id":{"type":"string","description_kind":"plain","optional":true,"computed":true},"invoke":{"type":"bool","description_kind":"plain","optional":true,"computed":true},"labelname":{"type":"string","description_kind":"plain","optional":true,"computed":true},"labeltype":{"type":"string","description_kind":"plain","optional":true,"computed":true},"name":{"type":"string","description_kind":"plain","required":true},"policyname":{"type":"string","description_kind":"plain","required":true},"priority":{"type":"number","description_kind":"plain","optional":true,"computed":true}},"description_kind":"plain"}},"citrixadc_lbvserver_dnspolicy64_binding":{"version":1,"block":{"attributes":{"bindpoint":{"type":"string","description_kind":"plain","optional":true,"computed":true},"gotopriorityexpression":{"type":"string","description_kind":"plain","optional":true,"computed":true},"id":{"type":"string","description_kind":"plain","optional":true,"computed":true},"invoke":{"type":"bool","description_kind":"plain","optional":true,"computed":true},"labelname":{"type":"string","description_kind":"plain","optional":true,"computed":true},"labeltype":{"type":"string","description_kind":"plain","optional":true,"computed":true},"name":{"type":"string","description_kind":"plain","required":true},"policyname":{"type":"string","description_kind":"plain","required":true},"priority":{"type":"number","description_kind":"plain","optional":true,"computed":true}},"description_kind":"plain"}},"citrixadc_lbvserver_feopolicy_binding":{"version":1,"block":{"attributes":{"bindpoint":{"type":"string","description_kind":"plain","optional":true,"computed":true},"gotopriorityexpression":{"type":"string","description_kind":"plain","optional":true,"computed":true},"id":{"type":"string","description_kind":"plain","optional":true,"computed":true},"invoke":{"type":"bool","description_kind":"plain","optional":true,"computed":true},"labelname":{"type":"string","description_kind":"plain","optional":true,"computed":true},"labeltype":{"type":"string","description_kind":"plain","optional":true,"computed":true},"name":{"type":"string","description_kind":"plain","required":true},"policyname":{"type":"string","description_kind":"plain","required":true},"priority":{"type":"number","description_kind":"plain","optional":true,"computed":true}},"description_kind":"plain"}},"citrixadc_lbvserver_filterpolicy_binding":{"version":1,"block":{"attributes":{"bindpoint":{"type":"string","description_kind":"plain","optional":true,"computed":true},"gotopriorityexpression":{"type":"string","description_kind":"plain","optional":true,"computed":true},"id":{"type":"string","description_kind":"plain","optional":true,"computed":true},"invoke":{"type":"bool","description_kind":"plain","optional":true,"computed":true},"labelname":{"type":"string","description_kind":"plain","optional":true,"computed":true},"labeltype":{"type":"string","description_kind":"plain","optional":true,"computed":true},"name":{"type":"string","description_kind":"plain","required":true},"policyname":{"type":"string","description_kind":"plain","required":true},"priority":{"type":"number","description_kind":"plain","optional":true,"computed":true}},"description_kind":"plain"}},"citrixadc_lbvserver_responderpolicy_binding":{"version":1,"block":{"attributes":{"bindpoint":{"type":"string","description_kind":"plain","optional":true,"computed":true},"gotopriorityexpression":{"type":"string","description_kind":"plain","optional":true,"computed":true},"id":{"type":"string","description_kind":"plain","optional":true,"computed":true},"invoke":{"type":"bool","description_kind":"plain","optional":true,"computed":true},"labelname":{"type":"string","description_kind":"plain","optional":true,"computed":true},"labeltype":{"type":"string","description_kind":"plain","optional":true,"computed":true},"name":{"type":"string","description_kind":"plain","required":true},"policyname":{"type":"string","description_kind":"plain","required":true},"priority":{"type":"number","description_kind":"plain","optional":true,"computed":true}},"description_kind":"plain"}},"citrixadc_lbvserver_rewritepolicy_binding":{"version":1,"block":{"attributes":{"bindpoint":{"type":"string","description_kind":"plain","optional":true,"computed":true},"gotopriorityexpression":{"type":"string","description_kind":"plain","optional":true,"computed":true},"id":{"type":"string","description_kind":"plain","optional":true,"computed":true},"invoke":{"type":"bool","description_kind":"plain","optional":true,"computed":true},"labelname":{"type":"string","description_kind":"plain","optional":true,"computed":true},"labeltype":{"type":"string","description_kind":"plain","optional":true,"computed":true},"name":{"type":"string","description_kind":"plain","required":true},"policyname":{"type":"string","description_kind":"plain","required":true},"priority":{"type":"number","description_kind":"plain","optional":true,"computed":true}},"description_kind":"plain"}},"citrixadc_lbvserver_service_binding":{"version":1,"block":{"attributes":{"id":{"type":"string","description_kind":"plain","optional":true,"computed":true},"name":{"type":"string","description_kind":"plain","required":true},"servicename":{"type":"string","description_kind":"plain","required":true},"weight":{"type":"number","description_kind":"plain","optional":true,"computed":true}},"description_kind":"plain"}},"citrixadc_lbvserver_servicegroup_binding":{"version":1,"block":{"attributes":{"id":{"type":"string","description_kind":"plain","optional":true,"computed":true},"name":{"type":"string","description_kind":"plain","required":true},"servicegroupname":{"type":"string","description_kind":"plain","required":true}},"description_kind":"plain"}},"citrixadc_lbvserver_spilloverpolicy_binding":{"version":1,"block":{"attributes":{"bindpoint":{"type":"string","description_kind":"plain","optional":true,"computed":true},"gotopriorityexpression":{"type":"string","description_kind":"plain","optional":true,"computed":true},"id":{"type":"string","description_kind":"plain","optional":true,"computed":true},"invoke":{"type":"bool","description_kind":"plain","optional":true,"computed":true},"labelname":{"type":"string","description_kind":"plain","optional":true,"computed":true},"labeltype":{"type":"string","description_kind":"plain","optional":true,"computed":true},"name":{"type":"string","description_kind":"plain","required":true},"policyname":{"type":"string","description_kind":"plain","required":true},"priority":{"type":"number","description_kind":"plain","optional":true,"computed":true}},"description_kind":"plain"}},"citrixadc_lbvserver_tmtrafficpolicy_binding":{"version":1,"block":{"attributes":{"bindpoint":{"type":"string","description_kind":"plain","optional":true,"computed":true},"gotopriorityexpression":{"type":"string","description_kind":"plain","optional":true,"computed":true},"id":{"type":"string","description_kind":"plain","optional":true,"computed":true},"invoke":{"type":"bool","description_kind":"plain","optional":true,"computed":true},"labelname":{"type":"string","description_kind":"plain","optional":true,"computed":true},"labeltype":{"type":"string","description_kind":"plain","optional":true,"computed":true},"name":{"type":"string","description_kind":"plain","required":true},"policyname":{"type":"string","description_kind":"plain","required":true},"priority":{"type":"number","description_kind":"plain","optional":true,"computed":true}},"description_kind":"plain"}},"citrixadc_lbvserver_transformpolicy_binding":{"version":1,"block":{"attributes":{"bindpoint":{"type":"string","description_kind":"plain","optional":true,"computed":true},"gotopriorityexpression":{"type":"string","description_kind":"plain","optional":true,"computed":true},"id":{"type":"string","description_kind":"plain","optional":true,"computed":true},"invoke":{"type":"bool","description_kind":"plain","optional":true,"computed":true},"labelname":{"type":"string","description_kind":"plain","optional":true,"computed":true},"labeltype":{"type":"string","description_kind":"plain","optional":true,"computed":true},"name":{"type":"string","description_kind":"plain","required":true},"policyname":{"type":"string","description_kind":"plain","required":true},"priority":{"type":"number","description_kind":"plain","optional":true,"computed":true}},"description_kind":"plain"}},"citrixadc_lbvserver_videooptimizationdetectionpolicy_binding":{"version":1,"block":{"attributes":{"bindpoint":{"type":"string","description_kind":"plain","optional":true,"computed":true},"gotopriorityexpression":{"type":"string","description_kind":"plain","optional":true,"computed":true},"id":{"type":"string","description_kind":"plain","optional":true,"computed":true},"invoke":{"type":"bool","description_kind":"plain","optional":true,"computed":true},"labelname":{"type":"string","description_kind":"plain","optional":true,"computed":true},"labeltype":{"type":"string","description_kind":"plain","optional":true,"computed":true},"name":{"type":"string","description_kind":"plain","required":true},"policyname":{"type":"string","description_kind":"plain","required":true},"priority":{"type":"number","description_kind":"plain","optional":true,"computed":true}},"description_kind":"plain"}},"citrixadc_lbvserver_videooptimizationpacingpolicy_binding":{"version":1,"block":{"attributes":{"bindpoint":{"type":"string","description_kind":"plain","optional":true,"computed":true},"gotopriorityexpression":{"type":"string","description_kind":"plain","optional":true,"computed":true},"id":{"type":"string","description_kind":"plain","optional":true,"computed":true},"invoke":{"type":"bool","description_kind":"plain","optional":true,"computed":true},"labelname":{"type":"string","description_kind":"plain","optional":true,"computed":true},"labeltype":{"type":"string","description_kind":"plain","optional":true,"computed":true},"name":{"type":"string","description_kind":"plain","required":true},"policyname":{"type":"string","description_kind":"plain","required":true},"priority":{"type":"number","description_kind":"plain","optional":true,"computed":true}},"description_kind":"plain"}},"citrixadc_linkset":{"version":1,"block":{"attributes":{"id":{"type":"string","description_kind":"plain","optional":true,"computed":true},"interfacebinding":{"type":["set","string"],"description_kind":"plain","optional":true},"linkset_id":{"type":"string","description_kind":"plain","required":true}},"description_kind":"plain"}},"citrixadc_netprofile":{"version":1,"block":{"attributes":{"id":{"type":"string","description_kind":"plain","optional":true,"computed":true},"mbf":{"type":"string","description_kind":"plain","optional":true,"computed":true},"name":{"type":"string","description_kind":"plain","optional":true,"computed":true},"overridelsn":{"type":"string","description_kind":"plain","optional":true,"computed":true},"proxyprotocol":{"type":"string","description_kind":"plain","optional":true,"computed":true},"proxyprotocolaftertlshandshake":{"type":"string","description_kind":"plain","optional":true,"computed":true},"proxyprotocoltxversion":{"type":"string","description_kind":"plain","optional":true,"computed":true},"srcip":{"type":"string","description_kind":"plain","optional":true,"computed":true},"srcippersistency":{"type":"string","description_kind":"plain","optional":true,"computed":true},"td":{"type":"number","description_kind":"plain","optional":true,"computed":true}},"description_kind":"plain"}},"citrixadc_nsacl":{"version":1,"block":{"attributes":{"aclaction":{"type":"string","description_kind":"plain","optional":true,"computed":true},"aclname":{"type":"string","description_kind":"plain","optional":true,"computed":true},"destipop":{"type":"string","description_kind":"plain","optional":true,"computed":true},"destipval":{"type":"string","description_kind":"plain","optional":true,"computed":true},"destportop":{"type":"string","description_kind":"plain","optional":true,"computed":true},"destportval":{"type":"string","description_kind":"plain","optional":true,"computed":true},"dfdhash":{"type":"string","description_kind":"plain","optional":true,"computed":true},"established":{"type":"bool","description_kind":"plain","optional":true,"computed":true},"icmpcode":{"type":"number","description_kind":"plain","optional":true,"computed":true},"icmptype":{"type":"number","description_kind":"plain","optional":true,"computed":true},"id":{"type":"string","description_kind":"plain","optional":true,"computed":true},"interface":{"type":"string","description_kind":"plain","optional":true,"computed":true},"logstate":{"type":"string","description_kind":"plain","optional":true,"computed":true},"priority":{"type":"number","description_kind":"plain","optional":true,"computed":true},"protocol":{"type":"string","description_kind":"plain","optional":true,"computed":true},"protocolnumber":{"type":"number","description_kind":"plain","optional":true,"computed":true},"ratelimit":{"type":"number","description_kind":"plain","optional":true,"computed":true},"srcipop":{"type":"string","description_kind":"plain","optional":true,"computed":true},"srcipval":{"type":"string","description_kind":"plain","optional":true,"computed":true},"srcmac":{"type":"string","description_kind":"plain","optional":true,"computed":true},"srcmacmask":{"type":"string","description_kind":"plain","optional":true,"computed":true},"srcportop":{"type":"string","description_kind":"plain","optional":true,"computed":true},"srcportval":{"type":"string","description_kind":"plain","optional":true,"computed":true},"state":{"type":"string","description_kind":"plain","optional":true,"computed":true},"stateful":{"type":"string","description_kind":"plain","optional":true,"computed":true},"td":{"type":"number","description_kind":"plain","optional":true,"computed":true},"ttl":{"type":"number","description_kind":"plain","optional":true,"computed":true},"vlan":{"type":"number","description_kind":"plain","optional":true,"computed":true},"vxlan":{"type":"number","description_kind":"plain","optional":true,"computed":true}},"description_kind":"plain"}},"citrixadc_nsacls":{"version":1,"block":{"attributes":{"aclsname":{"type":"string","description_kind":"plain","optional":true,"computed":true},"id":{"type":"string","description_kind":"plain","optional":true,"computed":true}},"block_types":{"acl":{"nesting_mode":"set","block":{"attributes":{"aclaction":{"type":"string","description_kind":"plain","optional":true,"computed":true},"aclname":{"type":"string","description_kind":"plain","required":true},"destipop":{"type":"string","description_kind":"plain","optional":true,"computed":true},"destipval":{"type":"string","description_kind":"plain","optional":true,"computed":true},"destportop":{"type":"string","description_kind":"plain","optional":true,"computed":true},"destportval":{"type":"string","description_kind":"plain","optional":true,"computed":true},"established":{"type":"bool","description_kind":"plain","optional":true,"computed":true},"icmpcode":{"type":"number","description_kind":"plain","optional":true,"computed":true},"icmptype":{"type":"number","description_kind":"plain","optional":true,"computed":true},"interface":{"type":"string","description_kind":"plain","optional":true,"computed":true},"logstate":{"type":"string","description_kind":"plain","optional":true,"computed":true},"priority":{"type":"number","description_kind":"plain","optional":true,"computed":true},"protocol":{"type":"string","description_kind":"plain","optional":true,"computed":true},"protocolnumber":{"type":"number","description_kind":"plain","optional":true,"computed":true},"ratelimit":{"type":"number","description_kind":"plain","optional":true,"computed":true},"srcipop":{"type":"string","description_kind":"plain","optional":true,"computed":true},"srcipval":{"type":"string","description_kind":"plain","optional":true,"computed":true},"srcmac":{"type":"string","description_kind":"plain","optional":true,"computed":true},"srcportop":{"type":"string","description_kind":"plain","optional":true,"computed":true},"srcportval":{"type":"string","description_kind":"plain","optional":true,"computed":true},"state":{"type":"string","description_kind":"plain","optional":true,"computed":true},"td":{"type":"number","description_kind":"plain","optional":true,"computed":true},"ttl":{"type":"number","description_kind":"plain","optional":true,"computed":true},"vlan":{"type":"number","description_kind":"plain","optional":true,"computed":true}},"description_kind":"plain"}}},"description_kind":"plain"}},"citrixadc_nscapacity":{"version":1,"block":{"attributes":{"bandwidth":{"type":"number","description_kind":"plain","optional":true,"computed":true},"edition":{"type":"string","description_kind":"plain","optional":true,"computed":true},"id":{"type":"string","description_kind":"plain","optional":true,"computed":true},"nodeid":{"type":"number","description_kind":"plain","optional":true,"computed":true},"platform":{"type":"string","description_kind":"plain","optional":true,"computed":true},"poll_delay":{"type":"string","description_kind":"plain","optional":true},"poll_interval":{"type":"string","description_kind":"plain","optional":true},"poll_timeout":{"type":"string","description_kind":"plain","optional":true},"reboot_timeout":{"type":"string","description_kind":"plain","optional":true},"unit":{"type":"string","description_kind":"plain","optional":true,"computed":true},"vcpu":{"type":"bool","description_kind":"plain","optional":true,"computed":true}},"description_kind":"plain"}},"citrixadc_nsconfig_clear":{"version":1,"block":{"attributes":{"force":{"type":"bool","description_kind":"plain","optional":true},"id":{"type":"string","description_kind":"plain","optional":true,"computed":true},"level":{"type":"string","description_kind":"plain","required":true},"rbaconfig":{"type":"string","description_kind":"plain","optional":true},"timestamp":{"type":"string","description_kind":"plain","required":true}},"description_kind":"plain"}},"citrixadc_nsconfig_save":{"version":1,"block":{"attributes":{"all":{"type":"bool","description_kind":"plain","optional":true,"computed":true},"concurrent_save_interval":{"type":"string","description_kind":"plain","optional":true},"concurrent_save_ok":{"type":"bool","description_kind":"plain","optional":true},"concurrent_save_retries":{"type":"number","description_kind":"plain","optional":true},"concurrent_save_timeout":{"type":"string","description_kind":"plain","optional":true},"id":{"type":"string","description_kind":"plain","optional":true,"computed":true},"save_on_destroy":{"type":"bool","description_kind":"plain","optional":true},"timestamp":{"type":"string","description_kind":"plain","required":true}},"description_kind":"plain"}},"citrixadc_nsconfig_update":{"version":1,"block":{"attributes":{"id":{"type":"string","description_kind":"plain","optional":true,"computed":true},"ifnum":{"type":["set","string"],"description_kind":"plain","optional":true},"ipaddress":{"type":"string","description_kind":"plain","optional":true,"computed":true},"netmask":{"type":"string","description_kind":"plain","optional":true,"computed":true},"nsvlan":{"type":"number","description_kind":"plain","optional":true,"computed":true},"tagged":{"type":"string","description_kind":"plain","optional":true,"computed":true}},"description_kind":"plain"}},"citrixadc_nsfeature":{"version":1,"block":{"attributes":{"aaa":{"type":"bool","description_kind":"plain","optional":true,"computed":true},"adaptivetcp":{"type":"bool","description_kind":"plain","optional":true,"computed":true},"appflow":{"type":"bool","description_kind":"plain","optional":true,"computed":true},"appfw":{"type":"bool","description_kind":"plain","optional":true,"computed":true},"appqoe":{"type":"bool","description_kind":"plain","optional":true,"computed":true},"bgp":{"type":"bool","description_kind":"plain","optional":true,"computed":true},"bot":{"type":"bool","description_kind":"plain","optional":true,"computed":true},"cf":{"type":"bool","description_kind":"plain","optional":true,"computed":true},"ch":{"type":"bool","description_kind":"plain","optional":true,"computed":true},"ci":{"type":"bool","description_kind":"plain","optional":true,"computed":true},"cloudbridge":{"type":"bool","description_kind":"plain","optional":true,"computed":true},"cmp":{"type":"bool","description_kind":"plain","optional":true,"computed":true},"contentaccelerator":{"type":"bool","description_kind":"plain","optional":true,"computed":true},"cqa":{"type":"bool","description_kind":"plain","optional":true,"computed":true},"cr":{"type":"bool","description_kind":"plain","optional":true,"computed":true},"cs":{"type":"bool","description_kind":"plain","optional":true,"computed":true},"feo":{"type":"bool","description_kind":"plain","optional":true,"computed":true},"forwardproxy":{"type":"bool","description_kind":"plain","optional":true,"computed":true},"gslb":{"type":"bool","description_kind":"plain","optional":true,"computed":true},"hdosp":{"type":"bool","description_kind":"plain","optional":true,"computed":true},"htmlinjection":{"type":"bool","description_kind":"plain","optional":true,"computed":true},"ic":{"type":"bool","description_kind":"plain","optional":true,"computed":true},"id":{"type":"string","description_kind":"plain","optional":true,"computed":true},"ipv6pt":{"type":"bool","description_kind":"plain","optional":true,"computed":true},"isis":{"type":"bool","description_kind":"plain","optional":true,"computed":true},"lb":{"type":"bool","description_kind":"plain","optional":true,"computed":true},"lsn":{"type":"bool","description_kind":"plain","optional":true,"computed":true},"ospf":{"type":"bool","description_kind":"plain","optional":true,"computed":true},"pq":{"type":"bool","description_kind":"plain","optional":true,"computed":true},"push":{"type":"bool","description_kind":"plain","optional":true,"computed":true},"rdpproxy":{"type":"bool","description_kind":"plain","optional":true,"computed":true},"rep":{"type":"bool","description_kind":"plain","optional":true,"computed":true},"responder":{"type":"bool","description_kind":"plain","optional":true,"computed":true},"rewrite":{"type":"bool","description_kind":"plain","optional":true,"computed":true},"rip":{"type":"bool","description_kind":"plain","optional":true,"computed":true},"rise":{"type":"bool","description_kind":"plain","optional":true,"computed":true},"sp":{"type":"bool","description_kind":"plain","optional":true,"computed":true},"ssl":{"type":"bool","description_kind":"plain","optional":true,"computed":true},"sslinterception":{"type":"bool","description_kind":"plain","optional":true,"computed":true},"sslvpn":{"type":"bool","description_kind":"plain","optional":true,"computed":true},"urlfiltering":{"type":"bool","description_kind":"plain","optional":true,"computed":true},"videooptimization":{"type":"bool","description_kind":"plain","optional":true,"computed":true},"wl":{"type":"bool","description_kind":"plain","optional":true,"computed":true}},"description_kind":"plain"}},"citrixadc_nshttpprofile":{"version":1,"block":{"attributes":{"adpttimeout":{"type":"string","description_kind":"plain","optional":true,"computed":true},"altsvc":{"type":"string","description_kind":"plain","optional":true,"computed":true},"altsvcvalue":{"type":"string","description_kind":"plain","optional":true,"computed":true},"apdexcltresptimethreshold":{"type":"number","description_kind":"plain","optional":true,"computed":true},"clientiphdrexpr":{"type":"string","description_kind":"plain","optional":true,"computed":true},"cmponpush":{"type":"string","description_kind":"plain","optional":true,"computed":true},"conmultiplex":{"type":"string","description_kind":"plain","optional":true,"computed":true},"dropextracrlf":{"type":"string","description_kind":"plain","optional":true,"computed":true},"dropextradata":{"type":"string","description_kind":"plain","optional":true,"computed":true},"dropinvalreqs":{"type":"string","description_kind":"plain","optional":true,"computed":true},"grpcholdlimit":{"type":"number","description_kind":"plain","optional":true,"computed":true},"grpcholdtimeout":{"type":"number","description_kind":"plain","optional":true,"computed":true},"grpclengthdelimitation":{"type":"string","description_kind":"plain","optional":true,"computed":true},"http2":{"type":"string","description_kind":"plain","optional":true,"computed":true},"http2altsvcframe":{"type":"string","description_kind":"plain","optional":true,"computed":true},"http2direct":{"type":"string","description_kind":"plain","optional":true,"computed":true},"http2headertablesize":{"type":"number","description_kind":"plain","optional":true,"computed":true},"http2initialconnwindowsize":{"type":"number","description_kind":"plain","optional":true,"computed":true},"http2initialwindowsize":{"type":"number","description_kind":"plain","optional":true,"computed":true},"http2maxconcurrentstreams":{"type":"number","description_kind":"plain","optional":true,"computed":true},"http2maxemptyframespermin":{"type":"number","description_kind":"plain","optional":true,"computed":true},"http2maxframesize":{"type":"number","description_kind":"plain","optional":true,"computed":true},"http2maxheaderlistsize":{"type":"number","description_kind":"plain","optional":true,"computed":true},"http2maxpingframespermin":{"type":"number","description_kind":"plain","optional":true,"computed":true},"http2maxresetframespermin":{"type":"number","description_kind":"plain","optional":true,"computed":true},"http2maxsettingsframespermin":{"type":"number","description_kind":"plain","optional":true,"computed":true},"http2minseverconn":{"type":"number","description_kind":"plain","optional":true,"computed":true},"http2strictcipher":{"type":"string","description_kind":"plain","optional":true,"computed":true},"http3":{"type":"string","description_kind":"plain","optional":true,"computed":true},"http3maxheaderblockedstreams":{"type":"number","description_kind":"plain","optional":true,"computed":true},"http3maxheaderfieldsectionsize":{"type":"number","description_kind":"plain","optional":true,"computed":true},"http3maxheadertablesize":{"type":"number","description_kind":"plain","optional":true,"computed":true},"id":{"type":"string","description_kind":"plain","optional":true,"computed":true},"incomphdrdelay":{"type":"number","description_kind":"plain","optional":true,"computed":true},"markconnreqinval":{"type":"string","description_kind":"plain","optional":true,"computed":true},"markhttp09inval":{"type":"string","description_kind":"plain","optional":true,"computed":true},"markhttpheaderextrawserror":{"type":"string","description_kind":"plain","optional":true,"computed":true},"markrfc7230noncompliantinval":{"type":"string","description_kind":"plain","optional":true,"computed":true},"marktracereqinval":{"type":"string","description_kind":"plain","optional":true,"computed":true},"maxheaderlen":{"type":"number","description_kind":"plain","optional":true,"computed":true},"maxreq":{"type":"number","description_kind":"plain","optional":true,"computed":true},"maxreusepool":{"type":"number","description_kind":"plain","optional":true,"computed":true},"minreusepool":{"type":"number","description_kind":"plain","optional":true,"computed":true},"name":{"type":"string","description_kind":"plain","required":true},"persistentetag":{"type":"string","description_kind":"plain","optional":true,"computed":true},"reqtimeout":{"type":"number","description_kind":"plain","optional":true,"computed":true},"reqtimeoutaction":{"type":"string","description_kind":"plain","optional":true,"computed":true},"reusepooltimeout":{"type":"number","description_kind":"plain","optional":true,"computed":true},"rtsptunnel":{"type":"string","description_kind":"plain","optional":true,"computed":true},"spdy":{"type":"string","description_kind":"plain","optional":true,"computed":true},"weblog":{"type":"string","description_kind":"plain","optional":true,"computed":true},"websocket":{"type":"string","description_kind":"plain","optional":true,"computed":true}},"description_kind":"plain"}},"citrixadc_nsip":{"version":1,"block":{"attributes":{"advertiseondefaultpartition":{"type":"string","description_kind":"plain","optional":true,"computed":true},"arp":{"type":"string","description_kind":"plain","optional":true,"computed":true},"arpresponse":{"type":"string","description_kind":"plain","optional":true,"computed":true},"bgp":{"type":"string","description_kind":"plain","optional":true,"computed":true},"decrementttl":{"type":"string","description_kind":"plain","optional":true,"computed":true},"dynamicrouting":{"type":"string","description_kind":"plain","optional":true,"computed":true},"ftp":{"type":"string","description_kind":"plain","optional":true,"computed":true},"gui":{"type":"string","description_kind":"plain","optional":true,"computed":true},"hostroute":{"type":"string","description_kind":"plain","optional":true,"computed":true},"hostrtgw":{"type":"string","description_kind":"plain","optional":true,"computed":true},"icmp":{"type":"string","description_kind":"plain","optional":true,"computed":true},"icmpresponse":{"type":"string","description_kind":"plain","optional":true,"computed":true},"id":{"type":"string","description_kind":"plain","optional":true,"computed":true},"ipaddress":{"type":"string","description_kind":"plain","optional":true,"computed":true},"metric":{"type":"number","description_kind":"plain","optional":true,"computed":true},"mgmtaccess":{"type":"string","description_kind":"plain","optional":true,"computed":true},"mptcpadvertise":{"type":"string","description_kind":"plain","optional":true,"computed":true},"netmask":{"type":"string","description_kind":"plain","optional":true,"computed":true},"networkroute":{"type":"string","description_kind":"plain","optional":true,"computed":true},"ospf":{"type":"string","description_kind":"plain","optional":true,"computed":true},"ospfarea":{"type":"number","description_kind":"plain","optional":true,"computed":true},"ospflsatype":{"type":"string","description_kind":"plain","optional":true,"computed":true},"ownerdownresponse":{"type":"string","description_kind":"plain","optional":true,"computed":true},"ownernode":{"type":"string","description_kind":"plain","optional":true,"computed":true},"restrictaccess":{"type":"string","description_kind":"plain","optional":true,"computed":true},"rip":{"type":"string","description_kind":"plain","optional":true,"computed":true},"snmp":{"type":"string","description_kind":"plain","optional":true,"computed":true},"ssh":{"type":"string","description_kind":"plain","optional":true,"computed":true},"state":{"type":"string","description_kind":"plain","optional":true,"computed":true},"tag":{"type":"number","description_kind":"plain","optional":true,"computed":true},"td":{"type":"number","description_kind":"plain","optional":true,"computed":true},"telnet":{"type":"string","description_kind":"plain","optional":true,"computed":true},"type":{"type":"string","description_kind":"plain","optional":true,"computed":true},"vrid":{"type":"number","description_kind":"plain","optional":true,"computed":true},"vserver":{"type":"string","description_kind":"plain","optional":true,"computed":true},"vserverrhilevel":{"type":"string","description_kind":"plain","optional":true,"computed":true},"vserverrhimode":{"type":"string","description_kind":"plain","optional":true,"computed":true}},"description_kind":"plain"}},"citrixadc_nsip6":{"version":1,"block":{"attributes":{"advertiseondefaultpartition":{"type":"string","description_kind":"plain","optional":true,"computed":true},"decrementhoplimit":{"type":"string","description_kind":"plain","optional":true,"computed":true},"dynamicrouting":{"type":"string","description_kind":"plain","optional":true,"computed":true},"ftp":{"type":"string","description_kind":"plain","optional":true,"computed":true},"gui":{"type":"string","description_kind":"plain","optional":true,"computed":true},"hostroute":{"type":"string","description_kind":"plain","optional":true,"computed":true},"icmp":{"type":"string","description_kind":"plain","optional":true,"computed":true},"id":{"type":"string","description_kind":"plain","optional":true,"computed":true},"ip6hostrtgw":{"type":"string","description_kind":"plain","optional":true,"computed":true},"ipv6address":{"type":"string","description_kind":"plain","required":true},"map":{"type":"string","description_kind":"plain","optional":true,"computed":true},"metric":{"type":"number","description_kind":"plain","optional":true,"computed":true},"mgmtaccess":{"type":"string","description_kind":"plain","optional":true,"computed":true},"mptcpadvertise":{"type":"string","description_kind":"plain","optional":true,"computed":true},"nd":{"type":"string","description_kind":"plain","optional":true,"computed":true},"networkroute":{"type":"string","description_kind":"plain","optional":true,"computed":true},"ospf6lsatype":{"type":"string","description_kind":"plain","optional":true,"computed":true},"ospfarea":{"type":"number","description_kind":"plain","optional":true,"computed":true},"ownerdownresponse":{"type":"string","description_kind":"plain","optional":true,"computed":true},"ownernode":{"type":"number","description_kind":"plain","optional":true,"computed":true},"restrictaccess":{"type":"string","description_kind":"plain","optional":true,"computed":true},"scope":{"type":"string","description_kind":"plain","optional":true,"computed":true},"snmp":{"type":"string","description_kind":"plain","optional":true,"computed":true},"ssh":{"type":"string","description_kind":"plain","optional":true,"computed":true},"state":{"type":"string","description_kind":"plain","optional":true,"computed":true},"tag":{"type":"number","description_kind":"plain","optional":true,"computed":true},"td":{"type":"number","description_kind":"plain","optional":true,"computed":true},"telnet":{"type":"string","description_kind":"plain","optional":true,"computed":true},"type":{"type":"string","description_kind":"plain","optional":true,"computed":true},"vlan":{"type":"number","description_kind":"plain","optional":true,"computed":true},"vrid6":{"type":"number","description_kind":"plain","optional":true,"computed":true},"vserver":{"type":"string","description_kind":"plain","optional":true,"computed":true},"vserverrhilevel":{"type":"string","description_kind":"plain","optional":true,"computed":true}},"description_kind":"plain"}},"citrixadc_nslicense":{"version":1,"block":{"attributes":{"id":{"type":"string","description_kind":"plain","optional":true,"computed":true},"license_file":{"type":"string","description_kind":"plain","required":true},"poll_delay":{"type":"string","description_kind":"plain","optional":true},"poll_interval":{"type":"string","description_kind":"plain","optional":true},"poll_timeout":{"type":"string","description_kind":"plain","optional":true},"reboot":{"type":"bool","description_kind":"plain","optional":true},"ssh_host":{"type":"string","description_kind":"plain","optional":true},"ssh_host_pubkey":{"type":"string","description_kind":"plain","required":true},"ssh_password":{"type":"string","description_kind":"plain","optional":true,"sensitive":true},"ssh_port":{"type":"number","description_kind":"plain","optional":true,"computed":true},"ssh_username":{"type":"string","description_kind":"plain","optional":true,"sensitive":true}},"block_types":{"timeouts":{"nesting_mode":"single","block":{"attributes":{"create":{"type":"string","description_kind":"plain","optional":true},"delete":{"type":"string","description_kind":"plain","optional":true},"update":{"type":"string","description_kind":"plain","optional":true}},"description_kind":"plain"}}},"description_kind":"plain"}},"citrixadc_nslicenseserver":{"version":1,"block":{"attributes":{"forceupdateip":{"type":"bool","description_kind":"plain","optional":true,"computed":true},"id":{"type":"string","description_kind":"plain","optional":true,"computed":true},"nodeid":{"type":"number","description_kind":"plain","optional":true,"computed":true},"port":{"type":"number","description_kind":"plain","optional":true,"computed":true},"servername":{"type":"string","description_kind":"plain","required":true}},"description_kind":"plain"}},"citrixadc_nsmode":{"version":1,"block":{"attributes":{"bridgebpdus":{"type":"bool","description_kind":"plain","optional":true,"computed":true},"cka":{"type":"bool","description_kind":"plain","optional":true,"computed":true},"dradv":{"type":"bool","description_kind":"plain","optional":true,"computed":true},"dradv6":{"type":"bool","description_kind":"plain","optional":true,"computed":true},"edge":{"type":"bool","description_kind":"plain","optional":true,"computed":true},"fr":{"type":"bool","description_kind":"plain","optional":true,"computed":true},"id":{"type":"string","description_kind":"plain","optional":true,"computed":true},"iradv":{"type":"bool","description_kind":"plain","optional":true,"computed":true},"l2":{"type":"bool","description_kind":"plain","optional":true,"computed":true},"l3":{"type":"bool","description_kind":"plain","optional":true,"computed":true},"mbf":{"type":"bool","description_kind":"plain","optional":true,"computed":true},"mediaclassification":{"type":"bool","description_kind":"plain","optional":true,"computed":true},"pmtud":{"type":"bool","description_kind":"plain","optional":true,"computed":true},"sradv":{"type":"bool","description_kind":"plain","optional":true,"computed":true},"sradv6":{"type":"bool","description_kind":"plain","optional":true,"computed":true},"tcpb":{"type":"bool","description_kind":"plain","optional":true,"computed":true},"ulfd":{"type":"bool","description_kind":"plain","optional":true,"computed":true},"usip":{"type":"bool","description_kind":"plain","optional":true,"computed":true},"usnip":{"type":"bool","description_kind":"plain","optional":true,"computed":true}},"description_kind":"plain"}},"citrixadc_nsparam":{"version":1,"block":{"attributes":{"advancedanalyticsstats":{"type":"string","description_kind":"plain","optional":true,"computed":true},"aftpallowrandomsourceport":{"type":"string","description_kind":"plain","optional":true,"computed":true},"cip":{"type":"string","description_kind":"plain","optional":true,"computed":true},"cipheader":{"type":"string","description_kind":"plain","optional":true,"computed":true},"cookieversion":{"type":"string","description_kind":"plain","optional":true,"computed":true},"crportrange":{"type":"string","description_kind":"plain","optional":true,"computed":true},"exclusivequotamaxclient":{"type":"number","description_kind":"plain","optional":true,"computed":true},"exclusivequotaspillover":{"type":"number","description_kind":"plain","optional":true,"computed":true},"ftpportrange":{"type":"string","description_kind":"plain","optional":true,"computed":true},"grantquotamaxclient":{"type":"number","description_kind":"plain","optional":true,"computed":true},"grantquotaspillover":{"type":"number","description_kind":"plain","optional":true,"computed":true},"id":{"type":"string","description_kind":"plain","optional":true,"computed":true},"internaluserlogin":{"type":"string","description_kind":"plain","optional":true,"computed":true},"maxconn":{"type":"number","description_kind":"plain","optional":true,"computed":true},"maxreq":{"type":"number","description_kind":"plain","optional":true,"computed":true},"mgmthttpport":{"type":"number","description_kind":"plain","optional":true,"computed":true},"mgmthttpsport":{"type":"number","description_kind":"plain","optional":true,"computed":true},"pmtumin":{"type":"number","description_kind":"plain","optional":true,"computed":true},"pmtutimeout":{"type":"number","description_kind":"plain","optional":true,"computed":true},"proxyprotocol":{"type":"string","description_kind":"plain","optional":true,"computed":true},"securecookie":{"type":"string","description_kind":"plain","optional":true,"computed":true},"servicepathingressvlan":{"type":"number","description_kind":"plain","optional":true,"computed":true},"tcpcip":{"type":"string","description_kind":"plain","optional":true,"computed":true},"timezone":{"type":"string","description_kind":"plain","optional":true,"computed":true},"useproxyport":{"type":"string","description_kind":"plain","optional":true,"computed":true}},"description_kind":"plain"}},"citrixadc_nsrpcnode":{"version":1,"block":{"attributes":{"id":{"type":"string","description_kind":"plain","optional":true,"computed":true},"ipaddress":{"type":"string","description_kind":"plain","required":true},"password":{"type":"string","description_kind":"plain","optional":true,"computed":true,"sensitive":true},"secure":{"type":"string","description_kind":"plain","optional":true,"computed":true},"srcip":{"type":"string","description_kind":"plain","optional":true,"computed":true}},"description_kind":"plain"}},"citrixadc_nstcpparam":{"version":1,"block":{"attributes":{"ackonpush":{"type":"string","description_kind":"plain","optional":true,"computed":true},"autosyncookietimeout":{"type":"number","description_kind":"plain","optional":true,"computed":true},"connflushifnomem":{"type":"string","description_kind":"plain","optional":true,"computed":true},"connflushthres":{"type":"number","description_kind":"plain","optional":true,"computed":true},"delayedack":{"type":"number","description_kind":"plain","optional":true,"computed":true},"downstaterst":{"type":"string","description_kind":"plain","optional":true,"computed":true},"id":{"type":"string","description_kind":"plain","optional":true,"computed":true},"initialcwnd":{"type":"number","description_kind":"plain","optional":true,"computed":true},"kaprobeupdatelastactivity":{"type":"string","description_kind":"plain","optional":true,"computed":true},"learnvsvrmss":{"type":"string","description_kind":"plain","optional":true,"computed":true},"limitedpersist":{"type":"string","description_kind":"plain","optional":true,"computed":true},"maxburst":{"type":"number","description_kind":"plain","optional":true,"computed":true},"maxdynserverprobes":{"type":"number","description_kind":"plain","optional":true,"computed":true},"maxpktpermss":{"type":"string","description_kind":"plain","optional":true,"computed":true},"maxsynackretx":{"type":"number","description_kind":"plain","optional":true,"computed":true},"maxsynhold":{"type":"number","description_kind":"plain","optional":true,"computed":true},"maxsynholdperprobe":{"type":"number","description_kind":"plain","optional":true,"computed":true},"maxtimewaitconn":{"type":"number","description_kind":"plain","optional":true,"computed":true},"minrto":{"type":"number","description_kind":"plain","optional":true,"computed":true},"mptcpchecksum":{"type":"string","description_kind":"plain","optional":true,"computed":true},"mptcpclosemptcpsessiononlastsfclose":{"type":"string","description_kind":"plain","optional":true,"computed":true},"mptcpconcloseonpassivesf":{"type":"string","description_kind":"plain","optional":true,"computed":true},"mptcpimmediatesfcloseonfin":{"type":"string","description_kind":"plain","optional":true,"computed":true},"mptcpmaxpendingsf":{"type":"string","description_kind":"plain","optional":true,"computed":true},"mptcpmaxsf":{"type":"number","description_kind":"plain","optional":true,"computed":true},"mptcppendingjointhreshold":{"type":"string","description_kind":"plain","optional":true,"computed":true},"mptcprtostoswitchsf":{"type":"number","description_kind":"plain","optional":true,"computed":true},"mptcpsfreplacetimeout":{"type":"string","description_kind":"plain","optional":true,"computed":true},"mptcpsftimeout":{"type":"string","description_kind":"plain","optional":true,"computed":true},"mptcpusebackupondss":{"type":"string","description_kind":"plain","optional":true,"computed":true},"msslearndelay":{"type":"number","description_kind":"plain","optional":true,"computed":true},"msslearninterval":{"type":"number","description_kind":"plain","optional":true,"computed":true},"nagle":{"type":"string","description_kind":"plain","optional":true,"computed":true},"oooqsize":{"type":"string","description_kind":"plain","optional":true,"computed":true},"pktperretx":{"type":"number","description_kind":"plain","optional":true,"computed":true},"recvbuffsize":{"type":"number","description_kind":"plain","optional":true,"computed":true},"sack":{"type":"string","description_kind":"plain","optional":true,"computed":true},"slowstartincr":{"type":"number","description_kind":"plain","optional":true,"computed":true},"synattackdetection":{"type":"string","description_kind":"plain","optional":true,"computed":true},"synholdfastgiveup":{"type":"number","description_kind":"plain","optional":true,"computed":true},"tcpfastopencookietimeout":{"type":"string","description_kind":"plain","optional":true,"computed":true},"tcpfintimeout":{"type":"number","description_kind":"plain","optional":true,"computed":true},"tcpmaxretries":{"type":"number","description_kind":"plain","optional":true,"computed":true},"ws":{"type":"string","description_kind":"plain","optional":true,"computed":true},"wsval":{"type":"string","description_kind":"plain","optional":true,"computed":true}},"description_kind":"plain"}},"citrixadc_nstcpprofile":{"version":1,"block":{"attributes":{"ackaggregation":{"type":"string","description_kind":"plain","optional":true,"computed":true},"ackonpush":{"type":"string","description_kind":"plain","optional":true,"computed":true},"applyadaptivetcp":{"type":"string","description_kind":"plain","optional":true,"computed":true},"buffersize":{"type":"number","description_kind":"plain","optional":true,"computed":true},"burstratecontrol":{"type":"string","description_kind":"plain","optional":true,"computed":true},"clientiptcpoption":{"type":"string","description_kind":"plain","optional":true,"computed":true},"clientiptcpoptionnumber":{"type":"number","description_kind":"plain","optional":true,"computed":true},"delayedack":{"type":"number","description_kind":"plain","optional":true,"computed":true},"dropestconnontimeout":{"type":"string","description_kind":"plain","optional":true,"computed":true},"drophalfclosedconnontimeout":{"type":"string","description_kind":"plain","optional":true,"computed":true},"dsack":{"type":"string","description_kind":"plain","optional":true,"computed":true},"dupackthresh":{"type":"number","description_kind":"plain","optional":true,"computed":true},"dynamicreceivebuffering":{"type":"string","description_kind":"plain","optional":true,"computed":true},"ecn":{"type":"string","description_kind":"plain","optional":true,"computed":true},"establishclientconn":{"type":"string","description_kind":"plain","optional":true,"computed":true},"fack":{"type":"string","description_kind":"plain","optional":true,"computed":true},"flavor":{"type":"string","description_kind":"plain","optional":true,"computed":true},"frto":{"type":"string","description_kind":"plain","optional":true,"computed":true},"hystart":{"type":"string","description_kind":"plain","optional":true,"computed":true},"id":{"type":"string","description_kind":"plain","optional":true,"computed":true},"initialcwnd":{"type":"number","description_kind":"plain","optional":true,"computed":true},"ka":{"type":"string","description_kind":"plain","optional":true,"computed":true},"kaconnidletime":{"type":"number","description_kind":"plain","optional":true,"computed":true},"kamaxprobes":{"type":"number","description_kind":"plain","optional":true,"computed":true},"kaprobeinterval":{"type":"number","description_kind":"plain","optional":true,"computed":true},"kaprobeupdatelastactivity":{"type":"string","description_kind":"plain","optional":true,"computed":true},"maxburst":{"type":"number","description_kind":"plain","optional":true,"computed":true},"maxcwnd":{"type":"number","description_kind":"plain","optional":true,"computed":true},"maxpktpermss":{"type":"number","description_kind":"plain","optional":true,"computed":true},"minrto":{"type":"number","description_kind":"plain","optional":true,"computed":true},"mpcapablecbit":{"type":"string","description_kind":"plain","optional":true,"computed":true},"mptcp":{"type":"string","description_kind":"plain","optional":true,"computed":true},"mptcpdropdataonpreestsf":{"type":"string","description_kind":"plain","optional":true,"computed":true},"mptcpfastopen":{"type":"string","description_kind":"plain","optional":true,"computed":true},"mptcpsessiontimeout":{"type":"number","description_kind":"plain","optional":true,"computed":true},"mss":{"type":"number","description_kind":"plain","optional":true,"computed":true},"nagle":{"type":"string","description_kind":"plain","optional":true,"computed":true},"name":{"type":"string","description_kind":"plain","required":true},"oooqsize":{"type":"number","description_kind":"plain","optional":true,"computed":true},"pktperretx":{"type":"number","description_kind":"plain","optional":true,"computed":true},"rateqmax":{"type":"number","description_kind":"plain","optional":true,"computed":true},"rstmaxack":{"type":"string","description_kind":"plain","optional":true,"computed":true},"rstwindowattenuate":{"type":"string","description_kind":"plain","optional":true,"computed":true},"sack":{"type":"string","description_kind":"plain","optional":true,"computed":true},"sendbuffsize":{"type":"number","description_kind":"plain","optional":true,"computed":true},"slowstartincr":{"type":"number","description_kind":"plain","optional":true,"computed":true},"spoofsyndrop":{"type":"string","description_kind":"plain","optional":true,"computed":true},"syncookie":{"type":"string","description_kind":"plain","optional":true,"computed":true},"taillossprobe":{"type":"string","description_kind":"plain","optional":true,"computed":true},"tcpfastopen":{"type":"string","description_kind":"plain","optional":true,"computed":true},"tcpfastopencookiesize":{"type":"number","description_kind":"plain","optional":true,"computed":true},"tcpmode":{"type":"string","description_kind":"plain","optional":true,"computed":true},"tcprate":{"type":"number","description_kind":"plain","optional":true,"computed":true},"tcpsegoffload":{"type":"string","description_kind":"plain","optional":true,"computed":true},"timestamp":{"type":"string","description_kind":"plain","optional":true,"computed":true},"ws":{"type":"string","description_kind":"plain","optional":true,"computed":true},"wsval":{"type":"number","description_kind":"plain","optional":true,"computed":true}},"description_kind":"plain"}},"citrixadc_nsvpxparam":{"version":1,"block":{"attributes":{"cpuyield":{"type":"string","description_kind":"plain","optional":true,"computed":true},"id":{"type":"string","description_kind":"plain","optional":true,"computed":true},"masterclockcpu1":{"type":"string","description_kind":"plain","optional":true,"computed":true},"ownernode":{"type":"string","description_kind":"plain","optional":true,"computed":true}},"description_kind":"plain"}},"citrixadc_password_resetter":{"version":1,"block":{"attributes":{"id":{"type":"string","description_kind":"plain","optional":true,"computed":true},"new_password":{"type":"string","description_kind":"plain","required":true,"sensitive":true},"password":{"type":"string","description_kind":"plain","required":true,"sensitive":true},"username":{"type":"string","description_kind":"plain","required":true}},"description_kind":"plain"}},"citrixadc_pinger":{"version":1,"block":{"attributes":{"c":{"type":"number","description_kind":"plain","optional":true,"computed":true},"forcenew_id_set":{"type":["set","string"],"description_kind":"plain","optional":true,"computed":true},"hostname":{"type":"string","description_kind":"plain","optional":true,"computed":true},"i":{"type":"number","description_kind":"plain","optional":true,"computed":true},"id":{"type":"string","description_kind":"plain","optional":true,"computed":true},"n":{"type":"bool","description_kind":"plain","optional":true,"computed":true},"p":{"type":"string","description_kind":"plain","optional":true,"computed":true},"q":{"type":"bool","description_kind":"plain","optional":true,"computed":true},"s":{"type":"number","description_kind":"plain","optional":true,"computed":true},"t":{"type":"number","description_kind":"plain","optional":true,"computed":true}},"description_kind":"plain"}},"citrixadc_policydataset":{"version":1,"block":{"attributes":{"comment":{"type":"string","description_kind":"plain","optional":true,"computed":true},"id":{"type":"string","description_kind":"plain","optional":true,"computed":true},"indextype":{"type":"string","description_kind":"plain","optional":true,"computed":true},"name":{"type":"string","description_kind":"plain","required":true},"type":{"type":"string","description_kind":"plain","required":true}},"description_kind":"plain"}},"citrixadc_policydataset_value_binding":{"version":1,"block":{"attributes":{"comment":{"type":"string","description_kind":"plain","optional":true,"computed":true},"id":{"type":"string","description_kind":"plain","optional":true,"computed":true},"index":{"type":"number","description_kind":"plain","optional":true,"computed":true},"name":{"type":"string","description_kind":"plain","required":true},"value":{"type":"string","description_kind":"plain","required":true}},"description_kind":"plain"}},"citrixadc_policyexpression":{"version":1,"block":{"attributes":{"clientsecuritymessage":{"type":"string","description_kind":"plain","optional":true,"computed":true},"comment":{"type":"string","description_kind":"plain","optional":true,"computed":true},"description":{"type":"string","description_kind":"plain","optional":true,"computed":true},"id":{"type":"string","description_kind":"plain","optional":true,"computed":true},"name":{"type":"string","description_kind":"plain","required":true},"value":{"type":"string","description_kind":"plain","optional":true,"computed":true}},"description_kind":"plain"}},"citrixadc_policyhttpcallout":{"version":1,"block":{"attributes":{"bodyexpr":{"type":"string","description_kind":"plain","optional":true,"computed":true},"cacheforsecs":{"type":"number","description_kind":"plain","optional":true,"computed":true},"comment":{"type":"string","description_kind":"plain","optional":true,"computed":true},"fullreqexpr":{"type":"string","description_kind":"plain","optional":true,"computed":true},"headers":{"type":["list","string"],"description_kind":"plain","optional":true,"computed":true},"hostexpr":{"type":"string","description_kind":"plain","optional":true,"computed":true},"httpmethod":{"type":"string","description_kind":"plain","optional":true,"computed":true},"id":{"type":"string","description_kind":"plain","optional":true,"computed":true},"ipaddress":{"type":"string","description_kind":"plain","optional":true,"computed":true},"name":{"type":"string","description_kind":"plain","required":true},"parameters":{"type":["list","string"],"description_kind":"plain","optional":true,"computed":true},"port":{"type":"number","description_kind":"plain","optional":true,"computed":true},"resultexpr":{"type":"string","description_kind":"plain","optional":true,"computed":true},"returntype":{"type":"string","description_kind":"plain","optional":true},"scheme":{"type":"string","description_kind":"plain","optional":true,"computed":true},"urlstemexpr":{"type":"string","description_kind":"plain","optional":true,"computed":true},"vserver":{"type":"string","description_kind":"plain","optional":true,"computed":true}},"description_kind":"plain"}},"citrixadc_policymap":{"version":1,"block":{"attributes":{"id":{"type":"string","description_kind":"plain","optional":true,"computed":true},"mappolicyname":{"type":"string","description_kind":"plain","required":true},"sd":{"type":"string","description_kind":"plain","required":true},"su":{"type":"string","description_kind":"plain","optional":true,"computed":true},"td":{"type":"string","description_kind":"plain","required":true},"tu":{"type":"string","description_kind":"plain","optional":true,"computed":true}},"description_kind":"plain"}},"citrixadc_policyparam":{"version":1,"block":{"attributes":{"id":{"type":"string","description_kind":"plain","optional":true,"computed":true},"timeout":{"type":"number","description_kind":"plain","optional":true,"computed":true}},"description_kind":"plain"}},"citrixadc_policypatset":{"version":1,"block":{"attributes":{"comment":{"type":"string","description_kind":"plain","optional":true,"computed":true},"id":{"type":"string","description_kind":"plain","optional":true,"computed":true},"indextype":{"type":"string","description_kind":"plain","optional":true,"computed":true},"name":{"type":"string","description_kind":"plain","required":true}},"description_kind":"plain"}},"citrixadc_policypatset_pattern_binding":{"version":1,"block":{"attributes":{"charset":{"type":"string","description_kind":"plain","optional":true,"computed":true},"comment":{"type":"string","description_kind":"plain","optional":true,"computed":true},"feature":{"type":"string","description_kind":"plain","optional":true,"computed":true},"id":{"type":"string","description_kind":"plain","optional":true,"computed":true},"index":{"type":"number","description_kind":"plain","optional":true,"computed":true},"name":{"type":"string","description_kind":"plain","required":true},"string":{"type":"string","description_kind":"plain","required":true}},"description_kind":"plain"}},"citrixadc_policystringmap":{"version":1,"block":{"attributes":{"comment":{"type":"string","description_kind":"plain","optional":true,"computed":true},"id":{"type":"string","description_kind":"plain","optional":true,"computed":true},"name":{"type":"string","description_kind":"plain","required":true}},"description_kind":"plain"}},"citrixadc_policystringmap_pattern_binding":{"version":1,"block":{"attributes":{"id":{"type":"string","description_kind":"plain","optional":true,"computed":true},"key":{"type":"string","description_kind":"plain","required":true},"name":{"type":"string","description_kind":"plain","required":true},"value":{"type":"string","description_kind":"plain","required":true}},"description_kind":"plain"}},"citrixadc_quicbridgeprofile":{"version":1,"block":{"attributes":{"id":{"type":"string","description_kind":"plain","optional":true,"computed":true},"name":{"type":"string","description_kind":"plain","required":true},"routingalgorithm":{"type":"string","description_kind":"plain","optional":true,"computed":true},"serveridlength":{"type":"number","description_kind":"plain","optional":true,"computed":true}},"description_kind":"plain"}},"citrixadc_rebooter":{"version":1,"block":{"attributes":{"id":{"type":"string","description_kind":"plain","optional":true,"computed":true},"reachable_poll_delay":{"type":"string","description_kind":"plain","optional":true},"reachable_poll_interval":{"type":"string","description_kind":"plain","optional":true},"reachable_poll_timeout":{"type":"string","description_kind":"plain","optional":true},"reachable_timeout":{"type":"string","description_kind":"plain","optional":true},"timestamp":{"type":"string","description_kind":"plain","required":true},"wait_until_reachable":{"type":"bool","description_kind":"plain","required":true},"warm":{"type":"bool","description_kind":"plain","required":true}},"description_kind":"plain"}},"citrixadc_responderaction":{"version":1,"block":{"attributes":{"bypasssafetycheck":{"type":"string","description_kind":"plain","optional":true,"computed":true},"comment":{"type":"string","description_kind":"plain","optional":true,"computed":true},"htmlpage":{"type":"string","description_kind":"plain","optional":true,"computed":true},"id":{"type":"string","description_kind":"plain","optional":true,"computed":true},"name":{"type":"string","description_kind":"plain","optional":true,"computed":true},"reasonphrase":{"type":"string","description_kind":"plain","optional":true,"computed":true},"responsestatuscode":{"type":"number","description_kind":"plain","optional":true,"computed":true},"target":{"type":"string","description_kind":"plain","optional":true,"computed":true},"type":{"type":"string","description_kind":"plain","optional":true,"computed":true}},"description_kind":"plain"}},"citrixadc_responderhtmlpage":{"version":1,"block":{"attributes":{"cacertfile":{"type":"string","description_kind":"plain","optional":true,"computed":true},"comment":{"type":"string","description_kind":"plain","optional":true,"computed":true},"id":{"type":"string","description_kind":"plain","optional":true,"computed":true},"name":{"type":"string","description_kind":"plain","required":true},"overwrite":{"type":"bool","description_kind":"plain","optional":true,"computed":true},"src":{"type":"string","description_kind":"plain","optional":true,"computed":true}},"description_kind":"plain"}},"citrixadc_responderparam":{"version":1,"block":{"attributes":{"id":{"type":"string","description_kind":"plain","optional":true,"computed":true},"timeout":{"type":"number","description_kind":"plain","optional":true,"computed":true},"undefaction":{"type":"string","description_kind":"plain","optional":true,"computed":true}},"description_kind":"plain"}},"citrixadc_responderpolicy":{"version":1,"block":{"attributes":{"action":{"type":"string","description_kind":"plain","optional":true,"computed":true},"appflowaction":{"type":"string","description_kind":"plain","optional":true,"computed":true},"comment":{"type":"string","description_kind":"plain","optional":true,"computed":true},"id":{"type":"string","description_kind":"plain","optional":true,"computed":true},"logaction":{"type":"string","description_kind":"plain","optional":true,"computed":true},"name":{"type":"string","description_kind":"plain","optional":true,"computed":true},"rule":{"type":"string","description_kind":"plain","optional":true,"computed":true},"undefaction":{"type":"string","description_kind":"plain","optional":true,"computed":true}},"block_types":{"csvserverbinding":{"nesting_mode":"set","block":{"attributes":{"bindpoint":{"type":"string","description_kind":"plain","optional":true,"computed":true},"gotopriorityexpression":{"type":"string","description_kind":"plain","optional":true,"computed":true},"invoke":{"type":"bool","description_kind":"plain","optional":true,"computed":true},"labelname":{"type":"string","description_kind":"plain","optional":true,"computed":true},"labeltype":{"type":"string","description_kind":"plain","optional":true,"computed":true},"name":{"type":"string","description_kind":"plain","optional":true,"computed":true},"policyname":{"type":"string","description_kind":"plain","optional":true,"computed":true},"priority":{"type":"number","description_kind":"plain","optional":true,"computed":true},"targetlbvserver":{"type":"string","description_kind":"plain","optional":true,"computed":true}},"description_kind":"plain"}},"globalbinding":{"nesting_mode":"set","block":{"attributes":{"gotopriorityexpression":{"type":"string","description_kind":"plain","optional":true,"computed":true},"invoke":{"type":"bool","description_kind":"plain","optional":true,"computed":true},"labelname":{"type":"string","description_kind":"plain","optional":true,"computed":true},"labeltype":{"type":"string","description_kind":"plain","optional":true,"computed":true},"policyname":{"type":"string","description_kind":"plain","optional":true,"computed":true},"priority":{"type":"number","description_kind":"plain","optional":true,"computed":true},"type":{"type":"string","description_kind":"plain","optional":true,"computed":true}},"description_kind":"plain"}},"lbvserverbinding":{"nesting_mode":"set","block":{"attributes":{"bindpoint":{"type":"string","description_kind":"plain","optional":true,"computed":true},"gotopriorityexpression":{"type":"string","description_kind":"plain","optional":true,"computed":true},"invoke":{"type":"bool","description_kind":"plain","optional":true,"computed":true},"labelname":{"type":"string","description_kind":"plain","optional":true,"computed":true},"labeltype":{"type":"string","description_kind":"plain","optional":true,"computed":true},"name":{"type":"string","description_kind":"plain","optional":true,"computed":true},"priority":{"type":"number","description_kind":"plain","optional":true,"computed":true}},"description_kind":"plain"}}},"description_kind":"plain"}},"citrixadc_responderpolicylabel":{"version":1,"block":{"attributes":{"comment":{"type":"string","description_kind":"plain","optional":true,"computed":true},"id":{"type":"string","description_kind":"plain","optional":true,"computed":true},"labelname":{"type":"string","description_kind":"plain","optional":true,"computed":true},"policylabeltype":{"type":"string","description_kind":"plain","optional":true,"computed":true}},"description_kind":"plain"}},"citrixadc_responderpolicylabel_responderpolicy_binding":{"version":1,"block":{"attributes":{"gotopriorityexpression":{"type":"string","description_kind":"plain","optional":true,"computed":true},"id":{"type":"string","description_kind":"plain","optional":true,"computed":true},"invoke":{"type":"bool","description_kind":"plain","optional":true,"computed":true},"invokelabelname":{"type":"string","description_kind":"plain","optional":true,"computed":true},"labelname":{"type":"string","description_kind":"plain","required":true},"labeltype":{"type":"string","description_kind":"plain","optional":true,"computed":true},"policyname":{"type":"string","description_kind":"plain","required":true},"priority":{"type":"number","description_kind":"plain","required":true}},"description_kind":"plain"}},"citrixadc_rewriteaction":{"version":1,"block":{"attributes":{"bypasssafetycheck":{"type":"string","description_kind":"plain","optional":true,"computed":true},"comment":{"type":"string","description_kind":"plain","optional":true,"computed":true},"id":{"type":"string","description_kind":"plain","optional":true,"computed":true},"name":{"type":"string","description_kind":"plain","optional":true,"computed":true},"pattern":{"type":"string","description_kind":"plain","optional":true,"computed":true},"refinesearch":{"type":"string","description_kind":"plain","optional":true,"computed":true},"search":{"type":"string","description_kind":"plain","optional":true,"computed":true},"stringbuilderexpr":{"type":"string","description_kind":"plain","optional":true,"computed":true},"target":{"type":"string","description_kind":"plain","optional":true,"computed":true},"type":{"type":"string","description_kind":"plain","optional":true,"computed":true}},"description_kind":"plain"}},"citrixadc_rewriteglobal_rewritepolicy_binding":{"version":1,"block":{"attributes":{"globalbindtype":{"type":"string","description_kind":"plain","optional":true,"computed":true},"gotopriorityexpression":{"type":"string","description_kind":"plain","optional":true,"computed":true},"id":{"type":"string","description_kind":"plain","optional":true,"computed":true},"invoke":{"type":"bool","description_kind":"plain","optional":true,"computed":true},"labelname":{"type":"string","description_kind":"plain","optional":true,"computed":true},"labeltype":{"type":"string","description_kind":"plain","optional":true,"computed":true},"policyname":{"type":"string","description_kind":"plain","required":true},"priority":{"type":"number","description_kind":"plain","required":true},"type":{"type":"string","description_kind":"plain","required":true}},"description_kind":"plain"}},"citrixadc_rewriteparam":{"version":1,"block":{"attributes":{"id":{"type":"string","description_kind":"plain","optional":true,"computed":true},"timeout":{"type":"number","description_kind":"plain","optional":true,"computed":true},"undefaction":{"type":"string","description_kind":"plain","optional":true,"computed":true}},"description_kind":"plain"}},"citrixadc_rewritepolicy":{"version":1,"block":{"attributes":{"action":{"type":"string","description_kind":"plain","optional":true,"computed":true},"comment":{"type":"string","description_kind":"plain","optional":true,"computed":true},"id":{"type":"string","description_kind":"plain","optional":true,"computed":true},"logaction":{"type":"string","description_kind":"plain","optional":true,"computed":true},"name":{"type":"string","description_kind":"plain","optional":true,"computed":true},"rule":{"type":"string","description_kind":"plain","optional":true,"computed":true},"undefaction":{"type":"string","description_kind":"plain","optional":true,"computed":true}},"block_types":{"csvserverbinding":{"nesting_mode":"set","block":{"attributes":{"bindpoint":{"type":"string","description_kind":"plain","optional":true,"computed":true},"gotopriorityexpression":{"type":"string","description_kind":"plain","optional":true,"computed":true},"invoke":{"type":"bool","description_kind":"plain","optional":true,"computed":true},"labelname":{"type":"string","description_kind":"plain","optional":true,"computed":true},"labeltype":{"type":"string","description_kind":"plain","optional":true,"computed":true},"name":{"type":"string","description_kind":"plain","optional":true,"computed":true},"priority":{"type":"number","description_kind":"plain","optional":true,"computed":true},"targetlbvserver":{"type":"string","description_kind":"plain","optional":true,"computed":true}},"description_kind":"plain"}},"globalbinding":{"nesting_mode":"set","block":{"attributes":{"globalbindtype":{"type":"string","description_kind":"plain","optional":true,"computed":true},"gotopriorityexpression":{"type":"string","description_kind":"plain","optional":true,"computed":true},"invoke":{"type":"bool","description_kind":"plain","optional":true,"computed":true},"labelname":{"type":"string","description_kind":"plain","optional":true,"computed":true},"labeltype":{"type":"string","description_kind":"plain","optional":true,"computed":true},"policyname":{"type":"string","description_kind":"plain","optional":true,"computed":true},"priority":{"type":"number","description_kind":"plain","optional":true,"computed":true},"type":{"type":"string","description_kind":"plain","optional":true,"computed":true}},"description_kind":"plain"}},"lbvserverbinding":{"nesting_mode":"set","block":{"attributes":{"bindpoint":{"type":"string","description_kind":"plain","optional":true,"computed":true},"gotopriorityexpression":{"type":"string","description_kind":"plain","optional":true,"computed":true},"invoke":{"type":"bool","description_kind":"plain","optional":true,"computed":true},"labelname":{"type":"string","description_kind":"plain","optional":true,"computed":true},"labeltype":{"type":"string","description_kind":"plain","optional":true,"computed":true},"name":{"type":"string","description_kind":"plain","optional":true,"computed":true},"priority":{"type":"number","description_kind":"plain","optional":true,"computed":true}},"description_kind":"plain"}}},"description_kind":"plain"}},"citrixadc_rewritepolicylabel":{"version":1,"block":{"attributes":{"comment":{"type":"string","description_kind":"plain","optional":true,"computed":true},"id":{"type":"string","description_kind":"plain","optional":true,"computed":true},"labelname":{"type":"string","description_kind":"plain","required":true},"transform":{"type":"string","description_kind":"plain","optional":true,"computed":true}},"description_kind":"plain"}},"citrixadc_rewritepolicylabel_rewritepolicy_binding":{"version":1,"block":{"attributes":{"gotopriorityexpression":{"type":"string","description_kind":"plain","optional":true,"computed":true},"id":{"type":"string","description_kind":"plain","optional":true,"computed":true},"invoke":{"type":"bool","description_kind":"plain","optional":true,"computed":true},"invokelabelname":{"type":"string","description_kind":"plain","optional":true,"computed":true},"labelname":{"type":"string","description_kind":"plain","required":true},"labeltype":{"type":"string","description_kind":"plain","optional":true,"computed":true},"policyname":{"type":"string","description_kind":"plain","required":true},"priority":{"type":"number","description_kind":"plain","required":true}},"description_kind":"plain"}},"citrixadc_rnat":{"version":1,"block":{"attributes":{"id":{"type":"string","description_kind":"plain","optional":true,"computed":true},"rnatsname":{"type":"string","description_kind":"plain","optional":true,"computed":true}},"block_types":{"rnat":{"nesting_mode":"set","block":{"attributes":{"aclname":{"type":"string","description_kind":"plain","optional":true,"computed":true},"natip":{"type":"string","description_kind":"plain","optional":true,"computed":true},"natip2":{"type":"string","description_kind":"plain","optional":true,"computed":true},"netmask":{"type":"string","description_kind":"plain","optional":true,"computed":true},"network":{"type":"string","description_kind":"plain","optional":true,"computed":true},"redirectport":{"type":"bool","description_kind":"plain","optional":true,"computed":true},"td":{"type":"number","description_kind":"plain","optional":true,"computed":true}},"description_kind":"plain"}}},"description_kind":"plain"}},"citrixadc_route":{"version":1,"block":{"attributes":{"advertise":{"type":"string","description_kind":"plain","optional":true,"computed":true},"cost":{"type":"number","description_kind":"plain","optional":true,"computed":true},"cost1":{"type":"number","description_kind":"plain","optional":true,"computed":true},"detail":{"type":"bool","description_kind":"plain","optional":true,"computed":true},"distance":{"type":"number","description_kind":"plain","optional":true,"computed":true},"gateway":{"type":"string","description_kind":"plain","required":true},"id":{"type":"string","description_kind":"plain","optional":true,"computed":true},"monitor":{"type":"string","description_kind":"plain","optional":true,"computed":true},"msr":{"type":"string","description_kind":"plain","optional":true,"computed":true},"netmask":{"type":"string","description_kind":"plain","required":true},"network":{"type":"string","description_kind":"plain","required":true},"ownergroup":{"type":"string","description_kind":"plain","optional":true,"computed":true},"routetype":{"type":"string","description_kind":"plain","optional":true,"computed":true},"td":{"type":"number","description_kind":"plain","optional":true,"computed":true},"vlan":{"type":"number","description_kind":"plain","optional":true,"computed":true},"weight":{"type":"number","description_kind":"plain","optional":true,"computed":true}},"description_kind":"plain"}},"citrixadc_routerdynamicrouting":{"version":1,"block":{"attributes":{"commandlines":{"type":["list","string"],"description_kind":"plain","optional":true,"computed":true},"id":{"type":"string","description_kind":"plain","optional":true,"computed":true},"nodeid":{"type":"number","description_kind":"plain","optional":true,"computed":true}},"description_kind":"plain"}},"citrixadc_server":{"version":1,"block":{"attributes":{"comment":{"type":"string","description_kind":"plain","optional":true,"computed":true},"delay":{"type":"number","description_kind":"plain","optional":true,"computed":true},"domain":{"type":"string","description_kind":"plain","optional":true,"computed":true},"domainresolvenow":{"type":"bool","description_kind":"plain","optional":true,"computed":true},"domainresolveretry":{"type":"number","description_kind":"plain","optional":true,"computed":true},"graceful":{"type":"string","description_kind":"plain","optional":true,"computed":true},"id":{"type":"string","description_kind":"plain","optional":true,"computed":true},"internal":{"type":"bool","description_kind":"plain","optional":true,"computed":true},"ipaddress":{"type":"string","description_kind":"plain","optional":true,"computed":true},"ipv6address":{"type":"string","description_kind":"plain","optional":true,"computed":true},"name":{"type":"string","description_kind":"plain","optional":true,"computed":true},"querytype":{"type":"string","description_kind":"plain","optional":true,"computed":true},"state":{"type":"string","description_kind":"plain","optional":true,"computed":true},"td":{"type":"number","description_kind":"plain","optional":true,"computed":true},"translationip":{"type":"string","description_kind":"plain","optional":true,"computed":true},"translationmask":{"type":"string","description_kind":"plain","optional":true,"computed":true}},"description_kind":"plain"}},"citrixadc_service":{"version":1,"block":{"attributes":{"accessdown":{"type":"string","description_kind":"plain","optional":true,"computed":true},"all":{"type":"bool","description_kind":"plain","optional":true,"computed":true},"appflowlog":{"type":"string","description_kind":"plain","optional":true,"computed":true},"cacheable":{"type":"string","description_kind":"plain","optional":true,"computed":true},"cachetype":{"type":"string","description_kind":"plain","optional":true,"computed":true},"cip":{"type":"string","description_kind":"plain","optional":true,"computed":true},"cipheader":{"type":"string","description_kind":"plain","optional":true,"computed":true},"cka":{"type":"string","description_kind":"plain","optional":true,"computed":true},"cleartextport":{"type":"number","description_kind":"plain","optional":true,"computed":true},"clttimeout":{"type":"number","description_kind":"plain","optional":true,"computed":true},"cmp":{"type":"string","description_kind":"plain","optional":true,"computed":true},"comment":{"type":"string","description_kind":"plain","optional":true,"computed":true},"commonname":{"type":"string","description_kind":"plain","optional":true,"computed":true},"contentinspectionprofilename":{"type":"string","description_kind":"plain","optional":true,"computed":true},"customserverid":{"type":"string","description_kind":"plain","optional":true,"computed":true},"delay":{"type":"number","description_kind":"plain","optional":true,"computed":true},"dnsprofilename":{"type":"string","description_kind":"plain","optional":true,"computed":true},"downstateflush":{"type":"string","description_kind":"plain","optional":true,"computed":true},"graceful":{"type":"string","description_kind":"plain","optional":true,"computed":true},"hashid":{"type":"number","description_kind":"plain","optional":true,"computed":true},"healthmonitor":{"type":"string","description_kind":"plain","optional":true,"computed":true},"httpprofilename":{"type":"string","description_kind":"plain","optional":true,"computed":true},"id":{"type":"string","description_kind":"plain","optional":true,"computed":true},"internal":{"type":"bool","description_kind":"plain","optional":true,"computed":true},"ip":{"type":"string","description_kind":"plain","optional":true,"computed":true},"ipaddress":{"type":"string","description_kind":"plain","optional":true,"computed":true},"lbmonitor":{"type":"string","description_kind":"plain","optional":true,"computed":true},"lbvserver":{"type":"string","description_kind":"plain","optional":true},"maxbandwidth":{"type":"number","description_kind":"plain","optional":true,"computed":true},"maxclient":{"type":"number","description_kind":"plain","optional":true,"computed":true},"maxreq":{"type":"number","description_kind":"plain","optional":true,"computed":true},"monconnectionclose":{"type":"string","description_kind":"plain","optional":true,"computed":true},"monitornamesvc":{"type":"string","description_kind":"plain","optional":true,"computed":true},"monthreshold":{"type":"number","description_kind":"plain","optional":true,"computed":true},"name":{"type":"string","description_kind":"plain","optional":true,"computed":true},"netprofile":{"type":"string","description_kind":"plain","optional":true,"computed":true},"pathmonitor":{"type":"string","description_kind":"plain","optional":true,"computed":true},"pathmonitorindv":{"type":"string","description_kind":"plain","optional":true,"computed":true},"port":{"type":"number","description_kind":"plain","optional":true,"computed":true},"processlocal":{"type":"string","description_kind":"plain","optional":true,"computed":true},"riseapbrstatsmsgcode":{"type":"number","description_kind":"plain","optional":true,"computed":true},"rtspsessionidremap":{"type":"string","description_kind":"plain","optional":true,"computed":true},"sc":{"type":"string","description_kind":"plain","optional":true,"computed":true},"serverid":{"type":"number","description_kind":"plain","optional":true,"computed":true},"servername":{"type":"string","description_kind":"plain","optional":true,"computed":true},"servicetype":{"type":"string","description_kind":"plain","optional":true,"computed":true},"snienable":{"type":"string","description_kind":"plain","optional":true,"computed":true},"sp":{"type":"string","description_kind":"plain","optional":true,"computed":true},"state":{"type":"string","description_kind":"plain","optional":true,"computed":true},"svrtimeout":{"type":"number","description_kind":"plain","optional":true,"computed":true},"tcpb":{"type":"string","description_kind":"plain","optional":true,"computed":true},"tcpprofilename":{"type":"string","description_kind":"plain","optional":true,"computed":true},"td":{"type":"number","description_kind":"plain","optional":true,"computed":true},"useproxyport":{"type":"string","description_kind":"plain","optional":true,"computed":true},"usip":{"type":"string","description_kind":"plain","optional":true,"computed":true},"weight":{"type":"number","description_kind":"plain","optional":true,"computed":true}},"description_kind":"plain"}},"citrixadc_servicegroup":{"version":1,"block":{"attributes":{"appflowlog":{"type":"string","description_kind":"plain","optional":true,"computed":true},"autodisabledelay":{"type":"number","description_kind":"plain","optional":true,"computed":true},"autodisablegraceful":{"type":"string","description_kind":"plain","optional":true,"computed":true},"autoscale":{"type":"string","description_kind":"plain","optional":true,"computed":true},"cacheable":{"type":"string","description_kind":"plain","optional":true,"computed":true},"cachetype":{"type":"string","description_kind":"plain","optional":true,"computed":true},"cip":{"type":"string","description_kind":"plain","optional":true,"computed":true},"cipheader":{"type":"string","description_kind":"plain","optional":true,"computed":true},"cka":{"type":"string","description_kind":"plain","optional":true,"computed":true},"clttimeout":{"type":"number","description_kind":"plain","optional":true,"computed":true},"cmp":{"type":"string","description_kind":"plain","optional":true,"computed":true},"comment":{"type":"string","description_kind":"plain","optional":true,"computed":true},"customserverid":{"type":"string","description_kind":"plain","optional":true,"computed":true},"dbsttl":{"type":"number","description_kind":"plain","optional":true,"computed":true},"delay":{"type":"number","description_kind":"plain","optional":true,"computed":true},"downstateflush":{"type":"string","description_kind":"plain","optional":true,"computed":true},"dupweight":{"type":"number","description_kind":"plain","optional":true,"computed":true},"graceful":{"type":"string","description_kind":"plain","optional":true,"computed":true},"hashid":{"type":"number","description_kind":"plain","optional":true,"computed":true},"healthmonitor":{"type":"string","description_kind":"plain","optional":true,"computed":true},"httpprofilename":{"type":"string","description_kind":"plain","optional":true,"computed":true},"id":{"type":"string","description_kind":"plain","optional":true,"computed":true},"includemembers":{"type":"bool","description_kind":"plain","optional":true,"computed":true},"lbmonitor":{"type":"string","description_kind":"plain","optional":true},"lbvservers":{"type":["set","string"],"description_kind":"plain","optional":true},"maxbandwidth":{"type":"number","description_kind":"plain","optional":true,"computed":true},"maxclient":{"type":"number","description_kind":"plain","optional":true,"computed":true},"maxreq":{"type":"number","description_kind":"plain","optional":true,"computed":true},"memberport":{"type":"number","description_kind":"plain","optional":true,"computed":true},"monconnectionclose":{"type":"string","description_kind":"plain","optional":true,"computed":true},"monitornamesvc":{"type":"string","description_kind":"plain","optional":true,"computed":true},"monthreshold":{"type":"number","description_kind":"plain","optional":true,"computed":true},"nameserver":{"type":"string","description_kind":"plain","optional":true,"computed":true},"netprofile":{"type":"string","description_kind":"plain","optional":true,"computed":true},"pathmonitor":{"type":"string","description_kind":"plain","optional":true,"computed":true},"pathmonitorindv":{"type":"string","description_kind":"plain","optional":true,"computed":true},"port":{"type":"number","description_kind":"plain","optional":true,"computed":true},"riseapbrstatsmsgcode":{"type":"number","description_kind":"plain","optional":true,"computed":true},"rtspsessionidremap":{"type":"string","description_kind":"plain","optional":true,"computed":true},"sc":{"type":"string","description_kind":"plain","optional":true,"computed":true},"serverid":{"type":"number","description_kind":"plain","optional":true,"computed":true},"servername":{"type":"string","description_kind":"plain","optional":true,"computed":true},"servicegroupmembers":{"type":["set","string"],"description_kind":"plain","optional":true},"servicegroupmembers_by_servername":{"type":["set","string"],"description_kind":"plain","optional":true},"servicegroupname":{"type":"string","description_kind":"plain","optional":true,"computed":true},"servicetype":{"type":"string","description_kind":"plain","optional":true,"computed":true},"sp":{"type":"string","description_kind":"plain","optional":true,"computed":true},"state":{"type":"string","description_kind":"plain","optional":true,"computed":true},"svrtimeout":{"type":"number","description_kind":"plain","optional":true,"computed":true},"tcpb":{"type":"string","description_kind":"plain","optional":true,"computed":true},"tcpprofilename":{"type":"string","description_kind":"plain","optional":true,"computed":true},"td":{"type":"number","description_kind":"plain","optional":true,"computed":true},"useproxyport":{"type":"string","description_kind":"plain","optional":true,"computed":true},"usip":{"type":"string","description_kind":"plain","optional":true,"computed":true},"weight":{"type":"number","description_kind":"plain","optional":true,"computed":true}},"description_kind":"plain"}},"citrixadc_servicegroup_lbmonitor_binding":{"version":1,"block":{"attributes":{"customserverid":{"type":"string","description_kind":"plain","optional":true,"computed":true},"dbsttl":{"type":"number","description_kind":"plain","optional":true,"computed":true},"hashid":{"type":"number","description_kind":"plain","optional":true,"computed":true},"id":{"type":"string","description_kind":"plain","optional":true,"computed":true},"monitorname":{"type":"string","description_kind":"plain","required":true},"monstate":{"type":"string","description_kind":"plain","optional":true,"computed":true},"nameserver":{"type":"string","description_kind":"plain","optional":true,"computed":true},"passive":{"type":"bool","description_kind":"plain","optional":true,"computed":true},"port":{"type":"number","description_kind":"plain","optional":true,"computed":true},"serverid":{"type":"number","description_kind":"plain","optional":true,"computed":true},"servicegroupname":{"type":"string","description_kind":"plain","required":true},"state":{"type":"string","description_kind":"plain","optional":true,"computed":true},"weight":{"type":"number","description_kind":"plain","optional":true,"computed":true}},"description_kind":"plain"}},"citrixadc_servicegroup_servicegroupmember_binding":{"version":1,"block":{"attributes":{"customserverid":{"type":"string","description_kind":"plain","optional":true,"computed":true},"dbsttl":{"type":"number","description_kind":"plain","optional":true,"computed":true},"disable_read":{"type":"bool","description_kind":"plain","optional":true},"hashid":{"type":"number","description_kind":"plain","optional":true,"computed":true},"id":{"type":"string","description_kind":"plain","optional":true,"computed":true},"ip":{"type":"string","description_kind":"plain","optional":true,"computed":true},"nameserver":{"type":"string","description_kind":"plain","optional":true,"computed":true},"port":{"type":"number","description_kind":"plain","optional":true,"computed":true},"serverid":{"type":"number","description_kind":"plain","optional":true,"computed":true},"servername":{"type":"string","description_kind":"plain","optional":true,"computed":true},"servicegroupname":{"type":"string","description_kind":"plain","required":true},"state":{"type":"string","description_kind":"plain","optional":true,"computed":true},"weight":{"type":"number","description_kind":"plain","optional":true,"computed":true}},"description_kind":"plain"}},"citrixadc_sslaction":{"version":1,"block":{"attributes":{"cacertgrpname":{"type":"string","description_kind":"plain","optional":true,"computed":true},"certfingerprintdigest":{"type":"string","description_kind":"plain","optional":true,"computed":true},"certfingerprintheader":{"type":"string","description_kind":"plain","optional":true,"computed":true},"certhashheader":{"type":"string","description_kind":"plain","optional":true,"computed":true},"certheader":{"type":"string","description_kind":"plain","optional":true,"computed":true},"certissuerheader":{"type":"string","description_kind":"plain","optional":true,"computed":true},"certnotafterheader":{"type":"string","description_kind":"plain","optional":true,"computed":true},"certnotbeforeheader":{"type":"string","description_kind":"plain","optional":true,"computed":true},"certserialheader":{"type":"string","description_kind":"plain","optional":true,"computed":true},"certsubjectheader":{"type":"string","description_kind":"plain","optional":true,"computed":true},"cipher":{"type":"string","description_kind":"plain","optional":true,"computed":true},"cipherheader":{"type":"string","description_kind":"plain","optional":true,"computed":true},"clientauth":{"type":"string","description_kind":"plain","optional":true,"computed":true},"clientcert":{"type":"string","description_kind":"plain","optional":true,"computed":true},"clientcertfingerprint":{"type":"string","description_kind":"plain","optional":true,"computed":true},"clientcerthash":{"type":"string","description_kind":"plain","optional":true,"computed":true},"clientcertissuer":{"type":"string","description_kind":"plain","optional":true,"computed":true},"clientcertnotafter":{"type":"string","description_kind":"plain","optional":true,"computed":true},"clientcertnotbefore":{"type":"string","description_kind":"plain","optional":true,"computed":true},"clientcertserialnumber":{"type":"string","description_kind":"plain","optional":true,"computed":true},"clientcertsubject":{"type":"string","description_kind":"plain","optional":true,"computed":true},"clientcertverification":{"type":"string","description_kind":"plain","optional":true,"computed":true},"forward":{"type":"string","description_kind":"plain","optional":true,"computed":true},"id":{"type":"string","description_kind":"plain","optional":true,"computed":true},"name":{"type":"string","description_kind":"plain","required":true},"owasupport":{"type":"string","description_kind":"plain","optional":true,"computed":true},"sessionid":{"type":"string","description_kind":"plain","optional":true,"computed":true},"sessionidheader":{"type":"string","description_kind":"plain","optional":true,"computed":true},"ssllogprofile":{"type":"string","description_kind":"plain","optional":true,"computed":true}},"description_kind":"plain"}},"citrixadc_sslcacertgroup":{"version":1,"block":{"attributes":{"cacertgroupname":{"type":"string","description_kind":"plain","required":true},"id":{"type":"string","description_kind":"plain","optional":true,"computed":true}},"description_kind":"plain"}},"citrixadc_sslcacertgroup_sslcertkey_binding":{"version":1,"block":{"attributes":{"cacertgroupname":{"type":"string","description_kind":"plain","required":true},"certkeyname":{"type":"string","description_kind":"plain","required":true},"crlcheck":{"type":"string","description_kind":"plain","optional":true,"computed":true},"id":{"type":"string","description_kind":"plain","optional":true,"computed":true},"ocspcheck":{"type":"string","description_kind":"plain","optional":true,"computed":true}},"description_kind":"plain"}},"citrixadc_sslcertkey":{"version":1,"block":{"attributes":{"bundle":{"type":"string","description_kind":"plain","optional":true,"computed":true},"cert":{"type":"string","description_kind":"plain","optional":true,"computed":true},"certkey":{"type":"string","description_kind":"plain","optional":true,"computed":true},"expirymonitor":{"type":"string","description_kind":"plain","optional":true,"computed":true},"fipskey":{"type":"string","description_kind":"plain","optional":true,"computed":true},"hsmkey":{"type":"string","description_kind":"plain","optional":true,"computed":true},"id":{"type":"string","description_kind":"plain","optional":true,"computed":true},"inform":{"type":"string","description_kind":"plain","optional":true,"computed":true},"key":{"type":"string","description_kind":"plain","optional":true,"computed":true},"linkcertkeyname":{"type":"string","description_kind":"plain","optional":true},"nodomaincheck":{"type":"bool","description_kind":"plain","optional":true,"computed":true},"notificationperiod":{"type":"number","description_kind":"plain","optional":true,"computed":true},"ocspstaplingcache":{"type":"bool","description_kind":"plain","optional":true,"computed":true},"passplain":{"type":"string","description_kind":"plain","optional":true,"computed":true},"password":{"type":"bool","description_kind":"plain","optional":true,"computed":true}},"description_kind":"plain"}},"citrixadc_sslcipher":{"version":1,"block":{"attributes":{"ciphergroupname":{"type":"string","description_kind":"plain","required":true},"id":{"type":"string","description_kind":"plain","optional":true,"computed":true}},"block_types":{"ciphersuitebinding":{"nesting_mode":"set","block":{"attributes":{"ciphername":{"type":"string","description_kind":"plain","required":true},"cipherpriority":{"type":"number","description_kind":"plain","optional":true,"computed":true}},"description_kind":"plain"},"min_items":1}},"description_kind":"plain"}},"citrixadc_ssldhparam":{"version":1,"block":{"attributes":{"bits":{"type":"number","description_kind":"plain","required":true},"dhfile":{"type":"string","description_kind":"plain","required":true},"gen":{"type":"string","description_kind":"plain","optional":true,"computed":true},"id":{"type":"string","description_kind":"plain","optional":true,"computed":true}},"description_kind":"plain"}},"citrixadc_ssldtlsprofile":{"version":1,"block":{"attributes":{"helloverifyrequest":{"type":"string","description_kind":"plain","optional":true,"computed":true},"id":{"type":"string","description_kind":"plain","optional":true,"computed":true},"maxbadmacignorecount":{"type":"number","description_kind":"plain","optional":true,"computed":true},"maxholdqlen":{"type":"number","description_kind":"plain","optional":true,"computed":true},"maxpacketsize":{"type":"number","description_kind":"plain","optional":true,"computed":true},"maxrecordsize":{"type":"number","description_kind":"plain","optional":true,"computed":true},"maxretrytime":{"type":"number","description_kind":"plain","optional":true,"computed":true},"name":{"type":"string","description_kind":"plain","required":true},"pmtudiscovery":{"type":"string","description_kind":"plain","optional":true,"computed":true},"terminatesession":{"type":"string","description_kind":"plain","optional":true,"computed":true}},"description_kind":"plain"}},"citrixadc_sslfipskey":{"version":1,"block":{"attributes":{"curve":{"type":"string","description_kind":"plain","optional":true,"computed":true},"exponent":{"type":"string","description_kind":"plain","optional":true,"computed":true},"fipskeyname":{"type":"string","description_kind":"plain","required":true},"id":{"type":"string","description_kind":"plain","optional":true,"computed":true},"inform":{"type":"string","description_kind":"plain","optional":true,"computed":true},"iv":{"type":"string","description_kind":"plain","optional":true,"computed":true},"key":{"type":"string","description_kind":"plain","optional":true,"computed":true},"keytype":{"type":"string","description_kind":"plain","required":true},"modulus":{"type":"number","description_kind":"plain","optional":true,"computed":true},"wrapkeyname":{"type":"string","description_kind":"plain","optional":true,"computed":true}},"description_kind":"plain"}},"citrixadc_ssllogprofile":{"version":1,"block":{"attributes":{"id":{"type":"string","description_kind":"plain","optional":true,"computed":true},"name":{"type":"string","description_kind":"plain","required":true},"ssllogclauth":{"type":"string","description_kind":"plain","optional":true,"computed":true},"ssllogclauthfailures":{"type":"string","description_kind":"plain","optional":true,"computed":true},"sslloghs":{"type":"string","description_kind":"plain","optional":true,"computed":true},"sslloghsfailures":{"type":"string","description_kind":"plain","optional":true,"computed":true}},"description_kind":"plain"}},"citrixadc_sslocspresponder":{"version":1,"block":{"attributes":{"batchingdelay":{"type":"number","description_kind":"plain","optional":true,"computed":true},"batchingdepth":{"type":"number","description_kind":"plain","optional":true,"computed":true},"cache":{"type":"string","description_kind":"plain","optional":true,"computed":true},"cachetimeout":{"type":"number","description_kind":"plain","optional":true,"computed":true},"httpmethod":{"type":"string","description_kind":"plain","optional":true,"computed":true},"id":{"type":"string","description_kind":"plain","optional":true,"computed":true},"insertclientcert":{"type":"string","description_kind":"plain","optional":true,"computed":true},"name":{"type":"string","description_kind":"plain","required":true},"ocspurlresolvetimeout":{"type":"number","description_kind":"plain","optional":true,"computed":true},"producedattimeskew":{"type":"number","description_kind":"plain","optional":true,"computed":true},"respondercert":{"type":"string","description_kind":"plain","optional":true,"computed":true},"resptimeout":{"type":"number","description_kind":"plain","optional":true,"computed":true},"signingcert":{"type":"string","description_kind":"plain","optional":true,"computed":true},"trustresponder":{"type":"bool","description_kind":"plain","optional":true,"computed":true},"url":{"type":"string","description_kind":"plain","required":true},"usenonce":{"type":"string","description_kind":"plain","optional":true,"computed":true}},"description_kind":"plain"}},"citrixadc_sslparameter":{"version":1,"block":{"attributes":{"crlmemorysizemb":{"type":"number","description_kind":"plain","optional":true,"computed":true},"cryptodevdisablelimit":{"type":"number","description_kind":"plain","optional":true,"computed":true},"defaultprofile":{"type":"string","description_kind":"plain","optional":true,"computed":true},"denysslreneg":{"type":"string","description_kind":"plain","optional":true,"computed":true},"dropreqwithnohostheader":{"type":"string","description_kind":"plain","optional":true,"computed":true},"encrypttriggerpktcount":{"type":"number","description_kind":"plain","optional":true,"computed":true},"heterogeneoussslhw":{"type":"string","description_kind":"plain","optional":true,"computed":true},"hybridfipsmode":{"type":"string","description_kind":"plain","optional":true,"computed":true},"id":{"type":"string","description_kind":"plain","optional":true,"computed":true},"insertcertspace":{"type":"string","description_kind":"plain","optional":true,"computed":true},"insertionencoding":{"type":"string","description_kind":"plain","optional":true,"computed":true},"ndcppcompliancecertcheck":{"type":"string","description_kind":"plain","optional":true,"computed":true},"ocspcachesize":{"type":"number","description_kind":"plain","optional":true,"computed":true},"pushenctriggertimeout":{"type":"number","description_kind":"plain","optional":true,"computed":true},"pushflag":{"type":"number","description_kind":"plain","optional":true,"computed":true},"quantumsize":{"type":"string","description_kind":"plain","optional":true,"computed":true},"sendclosenotify":{"type":"string","description_kind":"plain","optional":true,"computed":true},"snihttphostmatch":{"type":"string","description_kind":"plain","optional":true,"computed":true},"softwarecryptothreshold":{"type":"number","description_kind":"plain","optional":true,"computed":true},"sslierrorcache":{"type":"string","description_kind":"plain","optional":true,"computed":true},"sslimaxerrorcachemem":{"type":"number","description_kind":"plain","optional":true,"computed":true},"ssltriggertimeout":{"type":"number","description_kind":"plain","optional":true,"computed":true},"strictcachecks":{"type":"string","description_kind":"plain","optional":true,"computed":true},"undefactioncontrol":{"type":"string","description_kind":"plain","optional":true,"computed":true},"undefactiondata":{"type":"string","description_kind":"plain","optional":true,"computed":true}},"description_kind":"plain"}},"citrixadc_sslpolicy":{"version":1,"block":{"attributes":{"action":{"type":"string","description_kind":"plain","optional":true,"computed":true},"comment":{"type":"string","description_kind":"plain","optional":true,"computed":true},"id":{"type":"string","description_kind":"plain","optional":true,"computed":true},"name":{"type":"string","description_kind":"plain","required":true},"reqaction":{"type":"string","description_kind":"plain","optional":true,"computed":true},"rule":{"type":"string","description_kind":"plain","required":true},"undefaction":{"type":"string","description_kind":"plain","optional":true,"computed":true}},"description_kind":"plain"}},"citrixadc_sslpolicylabel":{"version":1,"block":{"attributes":{"id":{"type":"string","description_kind":"plain","optional":true,"computed":true},"labelname":{"type":"string","description_kind":"plain","required":true},"type":{"type":"string","description_kind":"plain","required":true}},"description_kind":"plain"}},"citrixadc_sslpolicylabel_sslpolicy_binding":{"version":1,"block":{"attributes":{"gotopriorityexpression":{"type":"string","description_kind":"plain","optional":true,"computed":true},"id":{"type":"string","description_kind":"plain","optional":true,"computed":true},"invoke":{"type":"bool","description_kind":"plain","optional":true,"computed":true},"invokelabelname":{"type":"string","description_kind":"plain","optional":true,"computed":true},"labelname":{"type":"string","description_kind":"plain","required":true},"labeltype":{"type":"string","description_kind":"plain","optional":true,"computed":true},"policyname":{"type":"string","description_kind":"plain","required":true},"priority":{"type":"number","description_kind":"plain","required":true}},"description_kind":"plain"}},"citrixadc_sslprofile":{"version":1,"block":{"attributes":{"alpnprotocol":{"type":"string","description_kind":"plain","optional":true,"computed":true},"ciphername":{"type":"string","description_kind":"plain","optional":true,"computed":true},"cipherpriority":{"type":"number","description_kind":"plain","optional":true,"computed":true},"cipherredirect":{"type":"string","description_kind":"plain","optional":true,"computed":true},"cipherurl":{"type":"string","description_kind":"plain","optional":true,"computed":true},"cleartextport":{"type":"number","description_kind":"plain","optional":true,"computed":true},"clientauth":{"type":"string","description_kind":"plain","optional":true,"computed":true},"clientauthuseboundcachain":{"type":"string","description_kind":"plain","optional":true,"computed":true},"clientcert":{"type":"string","description_kind":"plain","optional":true,"computed":true},"commonname":{"type":"string","description_kind":"plain","optional":true,"computed":true},"denysslreneg":{"type":"string","description_kind":"plain","optional":true,"computed":true},"dh":{"type":"string","description_kind":"plain","optional":true,"computed":true},"dhcount":{"type":"number","description_kind":"plain","optional":true,"computed":true},"dhekeyexchangewithpsk":{"type":"string","description_kind":"plain","optional":true,"computed":true},"dhfile":{"type":"string","description_kind":"plain","optional":true,"computed":true},"dhkeyexpsizelimit":{"type":"string","description_kind":"plain","optional":true,"computed":true},"dropreqwithnohostheader":{"type":"string","description_kind":"plain","optional":true,"computed":true},"ecccurvebindings":{"type":["set","string"],"description_kind":"plain","required":true},"encrypttriggerpktcount":{"type":"number","description_kind":"plain","optional":true,"computed":true},"ersa":{"type":"string","description_kind":"plain","optional":true,"computed":true},"ersacount":{"type":"number","description_kind":"plain","optional":true,"computed":true},"hsts":{"type":"string","description_kind":"plain","optional":true,"computed":true},"id":{"type":"string","description_kind":"plain","optional":true,"computed":true},"includesubdomains":{"type":"string","description_kind":"plain","optional":true,"computed":true},"insertionencoding":{"type":"string","description_kind":"plain","optional":true,"computed":true},"maxage":{"type":"number","description_kind":"plain","optional":true,"computed":true},"name":{"type":"string","description_kind":"plain","required":true},"ocspstapling":{"type":"string","description_kind":"plain","optional":true,"computed":true},"preload":{"type":"string","description_kind":"plain","optional":true,"computed":true},"prevsessionkeylifetime":{"type":"number","description_kind":"plain","optional":true,"computed":true},"pushenctrigger":{"type":"string","description_kind":"plain","optional":true,"computed":true},"pushenctriggertimeout":{"type":"number","description_kind":"plain","optional":true,"computed":true},"pushflag":{"type":"number","description_kind":"plain","optional":true,"computed":true},"quantumsize":{"type":"string","description_kind":"plain","optional":true,"computed":true},"redirectportrewrite":{"type":"string","description_kind":"plain","optional":true,"computed":true},"sendclosenotify":{"type":"string","description_kind":"plain","optional":true,"computed":true},"serverauth":{"type":"string","description_kind":"plain","optional":true,"computed":true},"sessionkeylifetime":{"type":"number","description_kind":"plain","optional":true,"computed":true},"sessionticket":{"type":"string","description_kind":"plain","optional":true,"computed":true},"sessionticketkeydata":{"type":"string","description_kind":"plain","optional":true,"computed":true},"sessionticketkeyrefresh":{"type":"string","description_kind":"plain","optional":true,"computed":true},"sessionticketlifetime":{"type":"number","description_kind":"plain","optional":true,"computed":true},"sessreuse":{"type":"string","description_kind":"plain","optional":true,"computed":true},"sesstimeout":{"type":"number","description_kind":"plain","optional":true,"computed":true},"skipclientcertpolicycheck":{"type":"string","description_kind":"plain","optional":true,"computed":true},"snienable":{"type":"string","description_kind":"plain","optional":true,"computed":true},"snihttphostmatch":{"type":"string","description_kind":"plain","optional":true,"computed":true},"ssl3":{"type":"string","description_kind":"plain","optional":true,"computed":true},"sslimaxsessperserver":{"type":"number","description_kind":"plain","optional":true,"computed":true},"sslinterception":{"type":"string","description_kind":"plain","optional":true,"computed":true},"ssliocspcheck":{"type":"string","description_kind":"plain","optional":true,"computed":true},"sslireneg":{"type":"string","description_kind":"plain","optional":true,"computed":true},"ssllogprofile":{"type":"string","description_kind":"plain","optional":true,"computed":true},"sslprofiletype":{"type":"string","description_kind":"plain","optional":true,"computed":true},"sslredirect":{"type":"string","description_kind":"plain","optional":true,"computed":true},"ssltriggertimeout":{"type":"number","description_kind":"plain","optional":true,"computed":true},"strictcachecks":{"type":"string","description_kind":"plain","optional":true,"computed":true},"strictsigdigestcheck":{"type":"string","description_kind":"plain","optional":true,"computed":true},"tls1":{"type":"string","description_kind":"plain","optional":true,"computed":true},"tls11":{"type":"string","description_kind":"plain","optional":true,"computed":true},"tls12":{"type":"string","description_kind":"plain","optional":true,"computed":true},"tls13":{"type":"string","description_kind":"plain","optional":true,"computed":true},"tls13sessionticketsperauthcontext":{"type":"number","description_kind":"plain","optional":true,"computed":true},"zerorttearlydata":{"type":"string","description_kind":"plain","optional":true,"computed":true}},"block_types":{"cipherbindings":{"nesting_mode":"set","block":{"attributes":{"ciphername":{"type":"string","description_kind":"plain","optional":true},"cipherpriority":{"type":"number","description_kind":"plain","optional":true}},"description_kind":"plain"}}},"description_kind":"plain"}},"citrixadc_sslprofile_sslcertkey_binding":{"version":1,"block":{"attributes":{"cipherpriority":{"type":"number","description_kind":"plain","optional":true,"computed":true},"id":{"type":"string","description_kind":"plain","optional":true,"computed":true},"name":{"type":"string","description_kind":"plain","required":true},"sslicacertkey":{"type":"string","description_kind":"plain","required":true}},"description_kind":"plain"}},"citrixadc_sslprofile_sslcipher_binding":{"version":1,"block":{"attributes":{"ciphername":{"type":"string","description_kind":"plain","required":true},"cipherpriority":{"type":"number","description_kind":"plain","required":true},"id":{"type":"string","description_kind":"plain","optional":true,"computed":true},"name":{"type":"string","description_kind":"plain","required":true}},"description_kind":"plain"}},"citrixadc_sslservice":{"version":1,"block":{"attributes":{"cipherredirect":{"type":"string","description_kind":"plain","optional":true,"computed":true},"cipherurl":{"type":"string","description_kind":"plain","optional":true,"computed":true},"clientauth":{"type":"string","description_kind":"plain","optional":true,"computed":true},"clientcert":{"type":"string","description_kind":"plain","optional":true,"computed":true},"commonname":{"type":"string","description_kind":"plain","optional":true,"computed":true},"dh":{"type":"string","description_kind":"plain","optional":true,"computed":true},"dhcount":{"type":"number","description_kind":"plain","optional":true,"computed":true},"dhfile":{"type":"string","description_kind":"plain","optional":true,"computed":true},"dhkeyexpsizelimit":{"type":"string","description_kind":"plain","optional":true,"computed":true},"dtls1":{"type":"string","description_kind":"plain","optional":true,"computed":true},"dtls12":{"type":"string","description_kind":"plain","optional":true,"computed":true},"dtlsprofilename":{"type":"string","description_kind":"plain","optional":true,"computed":true},"ersa":{"type":"string","description_kind":"plain","optional":true,"computed":true},"ersacount":{"type":"number","description_kind":"plain","optional":true,"computed":true},"id":{"type":"string","description_kind":"plain","optional":true,"computed":true},"ocspstapling":{"type":"string","description_kind":"plain","optional":true,"computed":true},"pushenctrigger":{"type":"string","description_kind":"plain","optional":true,"computed":true},"redirectportrewrite":{"type":"string","description_kind":"plain","optional":true,"computed":true},"sendclosenotify":{"type":"string","description_kind":"plain","optional":true,"computed":true},"serverauth":{"type":"string","description_kind":"plain","optional":true,"computed":true},"servicename":{"type":"string","description_kind":"plain","required":true},"sessreuse":{"type":"string","description_kind":"plain","optional":true,"computed":true},"sesstimeout":{"type":"number","description_kind":"plain","optional":true,"computed":true},"snienable":{"type":"string","description_kind":"plain","optional":true,"computed":true},"ssl2":{"type":"string","description_kind":"plain","optional":true,"computed":true},"ssl3":{"type":"string","description_kind":"plain","optional":true,"computed":true},"sslprofile":{"type":"string","description_kind":"plain","optional":true,"computed":true},"sslredirect":{"type":"string","description_kind":"plain","optional":true,"computed":true},"sslv2redirect":{"type":"string","description_kind":"plain","optional":true,"computed":true},"sslv2url":{"type":"string","description_kind":"plain","optional":true,"computed":true},"strictsigdigestcheck":{"type":"string","description_kind":"plain","optional":true,"computed":true},"tls1":{"type":"string","description_kind":"plain","optional":true,"computed":true},"tls11":{"type":"string","description_kind":"plain","optional":true,"computed":true},"tls12":{"type":"string","description_kind":"plain","optional":true,"computed":true},"tls13":{"type":"string","description_kind":"plain","optional":true,"computed":true}},"description_kind":"plain"}},"citrixadc_sslservice_ecccurve_binding":{"version":1,"block":{"attributes":{"ecccurvename":{"type":"string","description_kind":"plain","optional":true,"computed":true},"id":{"type":"string","description_kind":"plain","optional":true,"computed":true},"servicename":{"type":"string","description_kind":"plain","optional":true,"computed":true}},"description_kind":"plain"}},"citrixadc_sslservice_sslcertkey_binding":{"version":1,"block":{"attributes":{"ca":{"type":"bool","description_kind":"plain","optional":true,"computed":true},"certkeyname":{"type":"string","description_kind":"plain","required":true},"crlcheck":{"type":"string","description_kind":"plain","optional":true,"computed":true},"id":{"type":"string","description_kind":"plain","optional":true,"computed":true},"ocspcheck":{"type":"string","description_kind":"plain","optional":true,"computed":true},"servicename":{"type":"string","description_kind":"plain","required":true},"skipcaname":{"type":"bool","description_kind":"plain","optional":true,"computed":true},"snicert":{"type":"bool","description_kind":"plain","optional":true,"computed":true}},"description_kind":"plain"}},"citrixadc_sslservice_sslciphersuite_binding":{"version":1,"block":{"attributes":{"ciphername":{"type":"string","description_kind":"plain","optional":true,"computed":true},"description":{"type":"string","description_kind":"plain","optional":true,"computed":true},"id":{"type":"string","description_kind":"plain","optional":true,"computed":true},"servicename":{"type":"string","description_kind":"plain","optional":true,"computed":true}},"description_kind":"plain"}},"citrixadc_sslservicegroup":{"version":1,"block":{"attributes":{"commonname":{"type":"string","description_kind":"plain","optional":true,"computed":true},"id":{"type":"string","description_kind":"plain","optional":true,"computed":true},"ocspstapling":{"type":"string","description_kind":"plain","optional":true,"computed":true},"sendclosenotify":{"type":"string","description_kind":"plain","optional":true,"computed":true},"serverauth":{"type":"string","description_kind":"plain","optional":true,"computed":true},"servicegroupname":{"type":"string","description_kind":"plain","required":true},"sessreuse":{"type":"string","description_kind":"plain","optional":true,"computed":true},"sesstimeout":{"type":"number","description_kind":"plain","optional":true,"computed":true},"snienable":{"type":"string","description_kind":"plain","optional":true,"computed":true},"ssl3":{"type":"string","description_kind":"plain","optional":true,"computed":true},"sslprofile":{"type":"string","description_kind":"plain","optional":true,"computed":true},"strictsigdigestcheck":{"type":"string","description_kind":"plain","optional":true,"computed":true},"tls1":{"type":"string","description_kind":"plain","optional":true,"computed":true},"tls11":{"type":"string","description_kind":"plain","optional":true,"computed":true},"tls12":{"type":"string","description_kind":"plain","optional":true,"computed":true},"tls13":{"type":"string","description_kind":"plain","optional":true,"computed":true}},"description_kind":"plain"}},"citrixadc_sslservicegroup_ecccurve_binding":{"version":1,"block":{"attributes":{"ecccurvename":{"type":"string","description_kind":"plain","required":true},"id":{"type":"string","description_kind":"plain","optional":true,"computed":true},"servicegroupname":{"type":"string","description_kind":"plain","required":true}},"description_kind":"plain"}},"citrixadc_sslservicegroup_sslcertkey_binding":{"version":1,"block":{"attributes":{"ca":{"type":"bool","description_kind":"plain","optional":true,"computed":true},"certkeyname":{"type":"string","description_kind":"plain","required":true},"crlcheck":{"type":"string","description_kind":"plain","optional":true,"computed":true},"id":{"type":"string","description_kind":"plain","optional":true,"computed":true},"ocspcheck":{"type":"string","description_kind":"plain","optional":true,"computed":true},"servicegroupname":{"type":"string","description_kind":"plain","required":true},"snicert":{"type":"bool","description_kind":"plain","optional":true,"computed":true}},"description_kind":"plain"}},"citrixadc_sslvserver":{"version":1,"block":{"attributes":{"cipherredirect":{"type":"string","description_kind":"plain","optional":true,"computed":true},"cipherurl":{"type":"string","description_kind":"plain","optional":true,"computed":true},"cleartextport":{"type":"number","description_kind":"plain","optional":true,"computed":true},"clientauth":{"type":"string","description_kind":"plain","optional":true,"computed":true},"clientcert":{"type":"string","description_kind":"plain","optional":true,"computed":true},"dh":{"type":"string","description_kind":"plain","optional":true,"computed":true},"dhcount":{"type":"number","description_kind":"plain","optional":true,"computed":true},"dhekeyexchangewithpsk":{"type":"string","description_kind":"plain","optional":true,"computed":true},"dhfile":{"type":"string","description_kind":"plain","optional":true,"computed":true},"dhkeyexpsizelimit":{"type":"string","description_kind":"plain","optional":true,"computed":true},"dtls1":{"type":"string","description_kind":"plain","optional":true,"computed":true},"dtls12":{"type":"string","description_kind":"plain","optional":true,"computed":true},"dtlsprofilename":{"type":"string","description_kind":"plain","optional":true,"computed":true},"ersa":{"type":"string","description_kind":"plain","optional":true,"computed":true},"ersacount":{"type":"number","description_kind":"plain","optional":true,"computed":true},"hsts":{"type":"string","description_kind":"plain","optional":true,"computed":true},"id":{"type":"string","description_kind":"plain","optional":true,"computed":true},"includesubdomains":{"type":"string","description_kind":"plain","optional":true,"computed":true},"maxage":{"type":"number","description_kind":"plain","optional":true,"computed":true},"ocspstapling":{"type":"string","description_kind":"plain","optional":true,"computed":true},"preload":{"type":"string","description_kind":"plain","optional":true,"computed":true},"pushenctrigger":{"type":"string","description_kind":"plain","optional":true,"computed":true},"redirectportrewrite":{"type":"string","description_kind":"plain","optional":true,"computed":true},"sendclosenotify":{"type":"string","description_kind":"plain","optional":true,"computed":true},"sessreuse":{"type":"string","description_kind":"plain","optional":true,"computed":true},"sesstimeout":{"type":"number","description_kind":"plain","optional":true,"computed":true},"snienable":{"type":"string","description_kind":"plain","optional":true,"computed":true},"ssl2":{"type":"string","description_kind":"plain","optional":true,"computed":true},"ssl3":{"type":"string","description_kind":"plain","optional":true,"computed":true},"sslprofile":{"type":"string","description_kind":"plain","optional":true,"computed":true},"sslredirect":{"type":"string","description_kind":"plain","optional":true,"computed":true},"sslv2redirect":{"type":"string","description_kind":"plain","optional":true,"computed":true},"sslv2url":{"type":"string","description_kind":"plain","optional":true,"computed":true},"strictsigdigestcheck":{"type":"string","description_kind":"plain","optional":true,"computed":true},"tls1":{"type":"string","description_kind":"plain","optional":true,"computed":true},"tls11":{"type":"string","description_kind":"plain","optional":true,"computed":true},"tls12":{"type":"string","description_kind":"plain","optional":true,"computed":true},"tls13":{"type":"string","description_kind":"plain","optional":true,"computed":true},"tls13sessionticketsperauthcontext":{"type":"number","description_kind":"plain","optional":true,"computed":true},"vservername":{"type":"string","description_kind":"plain","required":true},"zerorttearlydata":{"type":"string","description_kind":"plain","optional":true,"computed":true}},"description_kind":"plain"}},"citrixadc_sslvserver_ecccurve_binding":{"version":1,"block":{"attributes":{"ecccurvename":{"type":"string","description_kind":"plain","required":true},"id":{"type":"string","description_kind":"plain","optional":true,"computed":true},"vservername":{"type":"string","description_kind":"plain","required":true}},"description_kind":"plain"}},"citrixadc_sslvserver_sslcertkey_binding":{"version":1,"block":{"attributes":{"ca":{"type":"bool","description_kind":"plain","optional":true,"computed":true},"certkeyname":{"type":"string","description_kind":"plain","required":true},"crlcheck":{"type":"string","description_kind":"plain","optional":true,"computed":true},"id":{"type":"string","description_kind":"plain","optional":true,"computed":true},"ocspcheck":{"type":"string","description_kind":"plain","optional":true,"computed":true},"skipcaname":{"type":"bool","description_kind":"plain","optional":true,"computed":true},"snicert":{"type":"bool","description_kind":"plain","optional":true,"computed":true},"vservername":{"type":"string","description_kind":"plain","required":true}},"description_kind":"plain"}},"citrixadc_sslvserver_sslciphersuite_binding":{"version":1,"block":{"attributes":{"ciphername":{"type":"string","description_kind":"plain","required":true},"description":{"type":"string","description_kind":"plain","optional":true,"computed":true},"id":{"type":"string","description_kind":"plain","optional":true,"computed":true},"vservername":{"type":"string","description_kind":"plain","required":true}},"description_kind":"plain"}},"citrixadc_sslvserver_sslpolicy_binding":{"version":1,"block":{"attributes":{"gotopriorityexpression":{"type":"string","description_kind":"plain","optional":true,"computed":true},"id":{"type":"string","description_kind":"plain","optional":true,"computed":true},"invoke":{"type":"bool","description_kind":"plain","optional":true,"computed":true},"labelname":{"type":"string","description_kind":"plain","optional":true,"computed":true},"labeltype":{"type":"string","description_kind":"plain","optional":true,"computed":true},"policyname":{"type":"string","description_kind":"plain","required":true},"priority":{"type":"number","description_kind":"plain","optional":true,"computed":true},"type":{"type":"string","description_kind":"plain","optional":true,"computed":true},"vservername":{"type":"string","description_kind":"plain","required":true}},"description_kind":"plain"}},"citrixadc_systemcmdpolicy":{"version":1,"block":{"attributes":{"action":{"type":"string","description_kind":"plain","required":true},"cmdspec":{"type":"string","description_kind":"plain","required":true},"id":{"type":"string","description_kind":"plain","optional":true,"computed":true},"policyname":{"type":"string","description_kind":"plain","required":true}},"description_kind":"plain"}},"citrixadc_systemextramgmtcpu":{"version":1,"block":{"attributes":{"enabled":{"type":"bool","description_kind":"plain","required":true},"id":{"type":"string","description_kind":"plain","optional":true,"computed":true},"reachable_poll_delay":{"type":"string","description_kind":"plain","optional":true},"reachable_poll_interval":{"type":"string","description_kind":"plain","optional":true},"reachable_poll_timeout":{"type":"string","description_kind":"plain","optional":true},"reachable_timeout":{"type":"string","description_kind":"plain","optional":true},"reboot":{"type":"bool","description_kind":"plain","optional":true}},"description_kind":"plain"}},"citrixadc_systemfile":{"version":1,"block":{"attributes":{"filecontent":{"type":"string","description_kind":"plain","required":true},"fileencoding":{"type":"string","description_kind":"plain","optional":true},"filelocation":{"type":"string","description_kind":"plain","required":true},"filename":{"type":"string","description_kind":"plain","required":true},"id":{"type":"string","description_kind":"plain","optional":true,"computed":true}},"description_kind":"plain"}},"citrixadc_systemgroup":{"version":1,"block":{"attributes":{"groupname":{"type":"string","description_kind":"plain","required":true},"id":{"type":"string","description_kind":"plain","optional":true,"computed":true},"promptstring":{"type":"string","description_kind":"plain","optional":true,"computed":true},"systemusers":{"type":["set","string"],"description_kind":"plain","optional":true},"timeout":{"type":"number","description_kind":"plain","optional":true,"computed":true}},"block_types":{"cmdpolicybinding":{"nesting_mode":"set","block":{"attributes":{"policyname":{"type":"string","description_kind":"plain","optional":true,"computed":true},"priority":{"type":"number","description_kind":"plain","optional":true,"computed":true}},"description_kind":"plain"}}},"description_kind":"plain"}},"citrixadc_systemuser":{"version":1,"block":{"attributes":{"externalauth":{"type":"string","description_kind":"plain","optional":true,"computed":true},"hashedpassword":{"type":"string","description_kind":"plain","optional":true,"computed":true},"id":{"type":"string","description_kind":"plain","optional":true,"computed":true},"logging":{"type":"string","description_kind":"plain","optional":true,"computed":true},"maxsession":{"type":"number","description_kind":"plain","optional":true,"computed":true},"password":{"type":"string","description_kind":"plain","optional":true,"sensitive":true},"promptstring":{"type":"string","description_kind":"plain","optional":true,"computed":true},"timeout":{"type":"number","description_kind":"plain","optional":true,"computed":true},"username":{"type":"string","description_kind":"plain","required":true}},"block_types":{"cmdpolicybinding":{"nesting_mode":"set","block":{"attributes":{"policyname":{"type":"string","description_kind":"plain","optional":true,"computed":true},"priority":{"type":"number","description_kind":"plain","optional":true,"computed":true}},"description_kind":"plain"}}},"description_kind":"plain"}},"citrixadc_transformaction":{"version":1,"block":{"attributes":{"comment":{"type":"string","description_kind":"plain","optional":true,"computed":true},"cookiedomainfrom":{"type":"string","description_kind":"plain","optional":true,"computed":true},"cookiedomaininto":{"type":"string","description_kind":"plain","optional":true,"computed":true},"id":{"type":"string","description_kind":"plain","optional":true,"computed":true},"name":{"type":"string","description_kind":"plain","required":true},"priority":{"type":"number","description_kind":"plain","optional":true,"computed":true},"profilename":{"type":"string","description_kind":"plain","optional":true,"computed":true},"requrlfrom":{"type":"string","description_kind":"plain","optional":true,"computed":true},"requrlinto":{"type":"string","description_kind":"plain","optional":true,"computed":true},"resurlfrom":{"type":"string","description_kind":"plain","optional":true,"computed":true},"resurlinto":{"type":"string","description_kind":"plain","optional":true,"computed":true},"state":{"type":"string","description_kind":"plain","optional":true,"computed":true}},"description_kind":"plain"}},"citrixadc_transformpolicy":{"version":1,"block":{"attributes":{"comment":{"type":"string","description_kind":"plain","optional":true,"computed":true},"id":{"type":"string","description_kind":"plain","optional":true,"computed":true},"logaction":{"type":"string","description_kind":"plain","optional":true,"computed":true},"name":{"type":"string","description_kind":"plain","required":true},"profilename":{"type":"string","description_kind":"plain","optional":true,"computed":true},"rule":{"type":"string","description_kind":"plain","optional":true,"computed":true}},"description_kind":"plain"}},"citrixadc_transformprofile":{"version":1,"block":{"attributes":{"comment":{"type":"string","description_kind":"plain","optional":true,"computed":true},"id":{"type":"string","description_kind":"plain","optional":true,"computed":true},"name":{"type":"string","description_kind":"plain","required":true},"onlytransformabsurlinbody":{"type":"string","description_kind":"plain","optional":true,"computed":true},"type":{"type":"string","description_kind":"plain","optional":true,"computed":true}},"description_kind":"plain"}},"citrixadc_vlan":{"version":1,"block":{"attributes":{"aliasname":{"type":"string","description_kind":"plain","optional":true,"computed":true},"dynamicrouting":{"type":"string","description_kind":"plain","optional":true,"computed":true},"id":{"type":"string","description_kind":"plain","optional":true,"computed":true},"ipv6dynamicrouting":{"type":"string","description_kind":"plain","optional":true,"computed":true},"mtu":{"type":"number","description_kind":"plain","optional":true,"computed":true},"sharing":{"type":"string","description_kind":"plain","optional":true,"computed":true},"vlanid":{"type":"number","description_kind":"plain","required":true}},"description_kind":"plain"}},"citrixadc_vlan_interface_binding":{"version":1,"block":{"attributes":{"id":{"type":"string","description_kind":"plain","optional":true,"computed":true},"ifnum":{"type":"string","description_kind":"plain","required":true},"ownergroup":{"type":"string","description_kind":"plain","optional":true,"computed":true},"tagged":{"type":"bool","description_kind":"plain","optional":true,"computed":true},"vlanid":{"type":"number","description_kind":"plain","required":true}},"description_kind":"plain"}},"citrixadc_vlan_nsip_binding":{"version":1,"block":{"attributes":{"id":{"type":"string","description_kind":"plain","optional":true,"computed":true},"ipaddress":{"type":"string","description_kind":"plain","required":true},"netmask":{"type":"string","description_kind":"plain","optional":true,"computed":true},"ownergroup":{"type":"string","description_kind":"plain","optional":true,"computed":true},"td":{"type":"number","description_kind":"plain","optional":true,"computed":true},"vlanid":{"type":"number","description_kind":"plain","required":true}},"description_kind":"plain"}},"citrixadc_vpnalwaysonprofile":{"version":1,"block":{"attributes":{"clientcontrol":{"type":"string","description_kind":"plain","optional":true,"computed":true},"id":{"type":"string","description_kind":"plain","optional":true,"computed":true},"locationbasedvpn":{"type":"string","description_kind":"plain","optional":true,"computed":true},"name":{"type":"string","description_kind":"plain","required":true},"networkaccessonvpnfailure":{"type":"string","description_kind":"plain","optional":true,"computed":true}},"description_kind":"plain"}},"citrixadc_vpnclientlessaccesspolicy":{"version":1,"block":{"attributes":{"id":{"type":"string","description_kind":"plain","optional":true,"computed":true},"name":{"type":"string","description_kind":"plain","required":true},"profilename":{"type":"string","description_kind":"plain","optional":true,"computed":true},"rule":{"type":"string","description_kind":"plain","optional":true,"computed":true}},"description_kind":"plain"}},"citrixadc_vpnclientlessaccessprofile":{"version":1,"block":{"attributes":{"clientconsumedcookies":{"type":"string","description_kind":"plain","optional":true,"computed":true},"id":{"type":"string","description_kind":"plain","optional":true,"computed":true},"javascriptrewritepolicylabel":{"type":"string","description_kind":"plain","optional":true,"computed":true},"profilename":{"type":"string","description_kind":"plain","required":true},"regexforfindingcustomurls":{"type":"string","description_kind":"plain","optional":true,"computed":true},"regexforfindingurlincss":{"type":"string","description_kind":"plain","optional":true,"computed":true},"regexforfindingurlinjavascript":{"type":"string","description_kind":"plain","optional":true,"computed":true},"regexforfindingurlinxcomponent":{"type":"string","description_kind":"plain","optional":true,"computed":true},"regexforfindingurlinxml":{"type":"string","description_kind":"plain","optional":true,"computed":true},"reqhdrrewritepolicylabel":{"type":"string","description_kind":"plain","optional":true,"computed":true},"requirepersistentcookie":{"type":"string","description_kind":"plain","optional":true,"computed":true},"reshdrrewritepolicylabel":{"type":"string","description_kind":"plain","optional":true,"computed":true},"urlrewritepolicylabel":{"type":"string","description_kind":"plain","optional":true,"computed":true}},"description_kind":"plain"}},"citrixadc_vpneula":{"version":1,"block":{"attributes":{"id":{"type":"string","description_kind":"plain","optional":true,"computed":true},"name":{"type":"string","description_kind":"plain","required":true}},"description_kind":"plain"}},"citrixadc_vpnformssoaction":{"version":1,"block":{"attributes":{"actionurl":{"type":"string","description_kind":"plain","required":true},"id":{"type":"string","description_kind":"plain","optional":true,"computed":true},"name":{"type":"string","description_kind":"plain","required":true},"namevaluepair":{"type":"string","description_kind":"plain","optional":true,"computed":true},"nvtype":{"type":"string","description_kind":"plain","optional":true,"computed":true},"passwdfield":{"type":"string","description_kind":"plain","required":true},"responsesize":{"type":"number","description_kind":"plain","optional":true,"computed":true},"ssosuccessrule":{"type":"string","description_kind":"plain","required":true},"submitmethod":{"type":"string","description_kind":"plain","optional":true,"computed":true},"userfield":{"type":"string","description_kind":"plain","required":true}},"description_kind":"plain"}},"citrixadc_vpnglobal_appcontroller_binding":{"version":1,"block":{"attributes":{"appcontroller":{"type":"string","description_kind":"plain","optional":true,"computed":true},"gotopriorityexpression":{"type":"string","description_kind":"plain","optional":true,"computed":true},"id":{"type":"string","description_kind":"plain","optional":true,"computed":true}},"description_kind":"plain"}}}}}}
