{"format_version":"0.2","provider_schemas":{"registry.terraform.io/cloudsigma/cloudsigma":{"provider":{"version":0,"block":{"attributes":{"location":{"type":"string","description":"The location endpoint for CloudSigma. Default is 'zrh'.","description_kind":"plain","optional":true},"password":{"type":"string","description":"The CloudSigma password.","description_kind":"plain","optional":true},"username":{"type":"string","description":"The CloudSigma user email.","description_kind":"plain","optional":true}},"description_kind":"plain"}},"resource_schemas":{"cloudsigma_acl":{"version":0,"block":{"attributes":{"id":{"type":"string","description_kind":"plain","optional":true,"computed":true},"name":{"type":"string","description_kind":"plain","required":true},"resource_uri":{"type":"string","description_kind":"plain","optional":true,"computed":true}},"description_kind":"plain"}},"cloudsigma_drive":{"version":0,"block":{"attributes":{"clone_drive_id":{"type":"string","description_kind":"plain","optional":true},"id":{"type":"string","description_kind":"plain","optional":true,"computed":true},"media":{"type":"string","description_kind":"plain","required":true},"mounted_on":{"type":["list",["object",{"resource_uri":"string","uuid":"string"}]],"description_kind":"plain","computed":true},"name":{"type":"string","description_kind":"plain","required":true},"resource_uri":{"type":"string","description_kind":"plain","computed":true},"size":{"type":"number","description_kind":"plain","required":true},"status":{"type":"string","description_kind":"plain","computed":true},"storage_type":{"type":"string","description_kind":"plain","optional":true,"computed":true},"tags":{"type":["set","string"],"description_kind":"plain","optional":true,"computed":true},"uuid":{"type":"string","description":"UUID of the drive resource","description_kind":"plain","computed":true}},"block_types":{"timeouts":{"nesting_mode":"single","block":{"attributes":{"create":{"type":"string","description_kind":"plain","optional":true},"update":{"type":"string","description_kind":"plain","optional":true}},"description_kind":"plain"}}},"description_kind":"plain"}},"cloudsigma_firewall_policy":{"version":0,"block":{"attributes":{"id":{"type":"string","description_kind":"plain","optional":true,"computed":true},"name":{"type":"string","description_kind":"plain","required":true},"resource_uri":{"type":"string","description_kind":"plain","computed":true}},"description_kind":"plain"}},"cloudsigma_remote_snapshot":{"version":0,"block":{"attributes":{"drive":{"type":"string","description_kind":"plain","required":true},"id":{"type":"string","description_kind":"plain","optional":true,"computed":true},"location":{"type":"string","description_kind":"plain","required":true},"name":{"type":"string","description_kind":"plain","required":true},"resource_uri":{"type":"string","description_kind":"plain","computed":true},"status":{"type":"string","description_kind":"plain","computed":true}},"description_kind":"plain"}},"cloudsigma_server":{"version":0,"block":{"attributes":{"cpu":{"type":"number","description_kind":"plain","required":true},"id":{"type":"string","description_kind":"plain","optional":true,"computed":true},"ipv4_address":{"type":"string","description_kind":"plain","computed":true},"memory":{"type":"number","description_kind":"plain","required":true},"name":{"type":"string","description_kind":"plain","required":true},"resource_uri":{"type":"string","description_kind":"plain","computed":true},"smp":{"type":"number","description_kind":"plain","optional":true,"computed":true},"ssh_keys":{"type":["set","string"],"description_kind":"plain","optional":true},"tags":{"type":["set","string"],"description_kind":"plain","optional":true,"computed":true},"vnc_password":{"type":"string","description_kind":"plain","required":true}},"block_types":{"drive":{"nesting_mode":"list","block":{"attributes":{"uuid":{"type":"string","description_kind":"plain","required":true}},"description_kind":"plain"}},"network":{"nesting_mode":"list","block":{"attributes":{"ipv4_address":{"type":"string","description_kind":"plain","optional":true},"type":{"type":"string","description_kind":"plain","optional":true},"vlan_uuid":{"type":"string","description_kind":"plain","optional":true}},"description_kind":"plain"}},"timeouts":{"nesting_mode":"single","block":{"attributes":{"create":{"type":"string","description_kind":"plain","optional":true},"update":{"type":"string","description_kind":"plain","optional":true}},"description_kind":"plain"}}},"description_kind":"plain"}},"cloudsigma_snapshot":{"version":0,"block":{"attributes":{"drive":{"type":"string","description_kind":"plain","required":true},"id":{"type":"string","description_kind":"plain","optional":true,"computed":true},"name":{"type":"string","description_kind":"plain","required":true},"resource_uri":{"type":"string","description_kind":"plain","computed":true},"status":{"type":"string","description_kind":"plain","computed":true},"timestamp":{"type":"string","description_kind":"plain","computed":true}},"description_kind":"plain"}},"cloudsigma_ssh_key":{"version":0,"block":{"attributes":{"id":{"type":"string","description_kind":"plain","optional":true,"computed":true},"name":{"type":"string","description":"The name of the SSH key","description_kind":"plain","required":true},"private_key":{"type":"string","description":"The private SSH key","description_kind":"plain","optional":true,"computed":true},"public_key":{"type":"string","description":"The public SSH key","description_kind":"plain","optional":true,"computed":true},"uuid":{"type":"string","description":"UUID of the SSH key resource","description_kind":"plain","computed":true}},"description_kind":"plain"}},"cloudsigma_tag":{"version":0,"block":{"attributes":{"id":{"type":"string","description_kind":"plain","optional":true,"computed":true},"name":{"type":"string","description_kind":"plain","required":true},"resource_uri":{"type":"string","description_kind":"plain","computed":true}},"description_kind":"plain"}}},"data_source_schemas":{"cloudsigma_drive":{"version":0,"block":{"attributes":{"id":{"type":"string","description_kind":"plain","optional":true,"computed":true},"name":{"type":"string","description_kind":"plain","computed":true},"size":{"type":"number","description_kind":"plain","computed":true},"status":{"type":"string","description_kind":"plain","computed":true},"storage_type":{"type":"string","description_kind":"plain","computed":true},"uuid":{"type":"string","description_kind":"plain","computed":true}},"block_types":{"filter":{"nesting_mode":"set","block":{"attributes":{"name":{"type":"string","description_kind":"plain","required":true},"values":{"type":["list","string"],"description_kind":"plain","required":true}},"description_kind":"plain"}}},"description_kind":"plain"}},"cloudsigma_ip":{"version":0,"block":{"attributes":{"gateway":{"type":"string","description_kind":"plain","computed":true},"id":{"type":"string","description_kind":"plain","optional":true,"computed":true},"netmask":{"type":"number","description_kind":"plain","computed":true},"resource_uri":{"type":"string","description_kind":"plain","computed":true}},"block_types":{"filter":{"nesting_mode":"set","block":{"attributes":{"name":{"type":"string","description_kind":"plain","required":true},"values":{"type":["list","string"],"description_kind":"plain","required":true}},"description_kind":"plain"}}},"description_kind":"plain"}},"cloudsigma_library_drive":{"version":0,"block":{"attributes":{"arch":{"type":"string","description_kind":"plain","computed":true},"description":{"type":"string","description_kind":"plain","computed":true},"id":{"type":"string","description_kind":"plain","optional":true,"computed":true},"image_type":{"type":"string","description_kind":"plain","computed":true},"media":{"type":"string","description_kind":"plain","computed":true},"name":{"type":"string","description_kind":"plain","computed":true},"os":{"type":"string","description_kind":"plain","computed":true},"size":{"type":"number","description_kind":"plain","computed":true},"status":{"type":"string","description_kind":"plain","computed":true},"storage_type":{"type":"string","description_kind":"plain","computed":true}},"block_types":{"filter":{"nesting_mode":"set","block":{"attributes":{"name":{"type":"string","description_kind":"plain","required":true},"values":{"type":["list","string"],"description_kind":"plain","required":true}},"description_kind":"plain"}}},"description_kind":"plain"}},"cloudsigma_license":{"version":0,"block":{"attributes":{"burstable":{"type":"string","description_kind":"plain","computed":true},"id":{"type":"string","description_kind":"plain","optional":true,"computed":true},"long_name":{"type":"string","description_kind":"plain","computed":true},"name":{"type":"string","description_kind":"plain","computed":true},"resource_uri":{"type":"string","description_kind":"plain","computed":true},"type":{"type":"string","description_kind":"plain","computed":true},"user_metric":{"type":"string","description_kind":"plain","computed":true}},"block_types":{"filter":{"nesting_mode":"set","block":{"attributes":{"name":{"type":"string","description_kind":"plain","required":true},"values":{"type":["list","string"],"description_kind":"plain","required":true}},"description_kind":"plain"}}},"description_kind":"plain"}},"cloudsigma_location":{"version":0,"block":{"attributes":{"api_endpoint":{"type":"string","description_kind":"plain","computed":true},"country_code":{"type":"string","description_kind":"plain","computed":true},"display_name":{"type":"string","description_kind":"plain","computed":true},"id":{"type":"string","description_kind":"plain","computed":true}},"block_types":{"filter":{"nesting_mode":"set","block":{"attributes":{"name":{"type":"string","description_kind":"plain","required":true},"values":{"type":["list","string"],"description_kind":"plain","required":true}},"description_kind":"plain"}}},"description_kind":"plain"}},"cloudsigma_profile":{"version":0,"block":{"attributes":{"address":{"type":"string","description_kind":"plain","computed":true},"company":{"type":"string","description_kind":"plain","computed":true},"first_name":{"type":"string","description_kind":"plain","computed":true},"id":{"type":"string","description_kind":"plain","optional":true,"computed":true},"last_name":{"type":"string","description_kind":"plain","computed":true},"title":{"type":"string","description_kind":"plain","computed":true}},"description_kind":"plain"}},"cloudsigma_subscription":{"version":0,"block":{"attributes":{"amount":{"type":"string","description_kind":"plain","computed":true},"auto_renew":{"type":"bool","description_kind":"plain","computed":true},"free_tier":{"type":"bool","description_kind":"plain","computed":true},"id":{"type":"string","description_kind":"plain","computed":true},"period":{"type":"string","description_kind":"plain","computed":true},"price":{"type":"string","description_kind":"plain","computed":true},"remaining":{"type":"string","description_kind":"plain","computed":true},"resource":{"type":"string","description_kind":"plain","computed":true},"resource_uri":{"type":"string","description_kind":"plain","computed":true},"status":{"type":"string","description_kind":"plain","computed":true}},"block_types":{"filter":{"nesting_mode":"set","block":{"attributes":{"name":{"type":"string","description_kind":"plain","required":true},"values":{"type":["list","string"],"description_kind":"plain","required":true}},"description_kind":"plain"}}},"description_kind":"plain"}},"cloudsigma_tag":{"version":0,"block":{"attributes":{"id":{"type":"string","description_kind":"plain","optional":true,"computed":true},"name":{"type":"string","description_kind":"plain","computed":true},"resource_uri":{"type":"string","description_kind":"plain","computed":true},"uuid":{"type":"string","description_kind":"plain","computed":true}},"block_types":{"filter":{"nesting_mode":"set","block":{"attributes":{"name":{"type":"string","description_kind":"plain","required":true},"values":{"type":["list","string"],"description_kind":"plain","required":true}},"description_kind":"plain"}}},"description_kind":"plain"}},"cloudsigma_vlan":{"version":0,"block":{"attributes":{"id":{"type":"string","description_kind":"plain","optional":true,"computed":true},"resource_uri":{"type":"string","description_kind":"plain","computed":true}},"block_types":{"filter":{"nesting_mode":"set","block":{"attributes":{"name":{"type":"string","description_kind":"plain","required":true},"values":{"type":["list","string"],"description_kind":"plain","required":true}},"description_kind":"plain"}}},"description_kind":"plain"}}}}}}
