{"format_version":"0.2","provider_schemas":{"registry.terraform.io/cloudsmith-io/cloudsmith":{"provider":{"version":0,"block":{"attributes":{"api_host":{"type":"string","description":"The API host to connect to (mostly useful for testing).","description_kind":"plain","optional":true},"api_key":{"type":"string","description":"The API key for authenticating with the Cloudsmith API.","description_kind":"plain","required":true,"sensitive":true}},"description_kind":"plain"}},"resource_schemas":{"cloudsmith_entitlement":{"version":0,"block":{"attributes":{"id":{"type":"string","description_kind":"plain","optional":true,"computed":true},"is_active":{"type":"bool","description":"If enabled, the token will allow downloads based on configured restrictions (if any).","description_kind":"plain","optional":true,"computed":true},"limit_date_range_from":{"type":"string","description":"The starting date/time the token is allowed to be used from.","description_kind":"plain","optional":true},"limit_date_range_to":{"type":"string","description":"The ending date/time the token is allowed to be used until.","description_kind":"plain","optional":true},"limit_num_clients":{"type":"number","description":"The maximum number of unique clients allowed for the token. Please note that since clients are calculated asynchronously (after the download happens), the limit may not be imposed immediately but at a later point.","description_kind":"plain","optional":true,"computed":true},"limit_num_downloads":{"type":"number","description":"The maximum number of downloads allowed for the token. Please note that since downloads are calculated asynchronously (after the download happens), the limit may not be imposed immediately but at a later point.","description_kind":"plain","optional":true,"computed":true},"limit_package_query":{"type":"string","description":"The package-based search query to apply to restrict downloads to. This uses the same syntax as the standard search used for repositories, and also supports boolean logic operators such as OR/AND/NOT and parentheses for grouping. This will still allow access to non-package files, such as metadata.","description_kind":"plain","optional":true},"limit_path_query":{"type":"string","description":"The path-based search query to apply to restrict downloads to. This supports boolean logic operators such as OR/AND/NOT and parentheses for grouping. The path evaluated does not include the domain name, the namespace, the entitlement code used, the package format, etc. and it always starts with a forward slash.","description_kind":"plain","optional":true},"name":{"type":"string","description":"A descriptive name for the entitlement.","description_kind":"plain","required":true},"namespace":{"type":"string","description":"Namespace to which this entitlement belongs.","description_kind":"plain","required":true},"repository":{"type":"string","description":"Repository to which this entitlement belongs.","description_kind":"plain","required":true},"token":{"type":"string","description":"The literal value of the token to be created.","description_kind":"plain","optional":true,"computed":true}},"description_kind":"plain"}},"cloudsmith_repository":{"version":0,"block":{"attributes":{"cdn_url":{"type":"string","description":"Base URL from which packages and other artifacts are downloaded.","description_kind":"plain","computed":true},"created_at":{"type":"string","description":"ISO 8601 timestamp at which the repository was created.","description_kind":"plain","computed":true},"deleted_at":{"type":"string","description":"ISO 8601 timestamp at which the repository was deleted (repositories are soft deleted temporarily to allow cancelling).","description_kind":"plain","computed":true},"description":{"type":"string","description":"A description of the repository's purpose/contents.","description_kind":"plain","optional":true},"id":{"type":"string","description_kind":"plain","optional":true,"computed":true},"index_files":{"type":"bool","description":"If checked, files contained in packages will be indexed, which increase the synchronisation time required for packages. Note that it is recommended you keep this enabled unless the synchronisation time is significantly impacted.","description_kind":"plain","optional":true,"computed":true},"name":{"type":"string","description":"A descriptive name for the repository.","description_kind":"plain","required":true},"namespace":{"type":"string","description":"Namespace to which this repository belongs.","description_kind":"plain","required":true},"namespace_url":{"type":"string","description":"API endpoint where data about this namespace can be retrieved.","description_kind":"plain","computed":true},"repository_type":{"type":"string","description":"The repository type changes how it is accessed and billed. Private repositories can only be used on paid plans, but are visible only to you or authorised delegates. Public repositories are free to use on all plans and visible to all Cloudsmith users.","description_kind":"plain","optional":true},"self_html_url":{"type":"string","description":"Website URL for this repository.","description_kind":"plain","computed":true},"self_url":{"type":"string","description":"API endpoint where data about this repository can be retrieved.","description_kind":"plain","computed":true},"slug":{"type":"string","description":"The slug identifies the repository in URIs.","description_kind":"plain","optional":true,"computed":true},"slug_perm":{"type":"string","description":"The slug_perm immutably identifies the repository. It will never change once a repository has been created.","description_kind":"plain","computed":true},"storage_region":{"type":"string","description":"The Cloudsmith region in which package files are stored.","description_kind":"plain","optional":true,"computed":true},"wait_for_deletion":{"type":"bool","description":"If true, terraform will wait for a repository to be permanently deleted before finishing.","description_kind":"plain","optional":true}},"description_kind":"plain"}}},"data_source_schemas":{"cloudsmith_namespace":{"version":0,"block":{"attributes":{"id":{"type":"string","description_kind":"plain","optional":true,"computed":true},"name":{"type":"string","description":"A descriptive name for the namespace.","description_kind":"plain","computed":true},"slug":{"type":"string","description":"The slug identifies the namespace in URIs.","description_kind":"plain","required":true},"slug_perm":{"type":"string","description":"The slug_perm immutably identifies the namespace. It will never change once a namespace has been created.","description_kind":"plain","computed":true},"type_name":{"type":"string","description":"Is this a user or an organization namespace?","description_kind":"plain","computed":true}},"description_kind":"plain"}},"cloudsmith_package_list":{"version":0,"block":{"attributes":{"filters":{"type":["set","string"],"description_kind":"plain","optional":true},"id":{"type":"string","description_kind":"plain","optional":true,"computed":true},"most_recent":{"type":"bool","description":"Only return the most recent package","description_kind":"plain","optional":true},"namespace":{"type":"string","description":"The namespace to which the packages belong.","description_kind":"plain","required":true},"packages":{"type":["list",["object",{"format":"string","is_sync_awaiting":"bool","is_sync_completed":"bool","is_sync_failed":"bool","is_sync_in_flight":"bool","is_sync_in_progress":"bool","name":"string","namespace":"string","repository":"string","slug":"string","slug_perm":"string","version":"string"}]],"description_kind":"plain","computed":true},"repository":{"type":"string","description":"The repository to which the packages belong.","description_kind":"plain","required":true}},"description_kind":"plain"}},"cloudsmith_repository":{"version":0,"block":{"attributes":{"cdn_url":{"type":"string","description":"Base URL from which packages and other artifacts are downloaded.","description_kind":"plain","computed":true},"created_at":{"type":"string","description":"ISO 8601 timestamp at which the repository was created.","description_kind":"plain","computed":true},"deleted_at":{"type":"string","description":"ISO 8601 timestamp at which the repository was deleted (repositories are soft deleted temporarily to allow cancelling).","description_kind":"plain","computed":true},"description":{"type":"string","description":"A description of the repository's purpose/contents.","description_kind":"plain","computed":true},"id":{"type":"string","description_kind":"plain","optional":true,"computed":true},"identifier":{"type":"string","description":"The identifier for this repository.","description_kind":"plain","required":true},"index_files":{"type":"bool","description":"If checked, files contained in packages will be indexed, which increase the synchronisation time required for packages. Note that it is recommended you keep this enabled unless the synchronisation time is significantly impacted.","description_kind":"plain","computed":true},"namespace":{"type":"string","description":"Namespace to which this repository belongs.","description_kind":"plain","required":true},"namespace_url":{"type":"string","description":"API endpoint where data about this namespace can be retrieved.","description_kind":"plain","computed":true},"repository_type":{"type":"string","description":"The repository type changes how it is accessed and billed. Private repositories can only be used on paid plans, but are visible only to you or authorised delegates. Public repositories are free to use on all plans and visible to all Cloudsmith users.","description_kind":"plain","computed":true},"self_html_url":{"type":"string","description":"Website URL for this repository.","description_kind":"plain","computed":true},"self_url":{"type":"string","description":"API endpoint where data about this repository can be retrieved.","description_kind":"plain","computed":true},"slug":{"type":"string","description":"The slug identifies the repository in URIs.","description_kind":"plain","computed":true},"slug_perm":{"type":"string","description":"The slug_perm immutably identifies the repository. It will never change once a repository has been created.","description_kind":"plain","computed":true},"storage_region":{"type":"string","description":"The Cloudsmith region in which package files are stored.","description_kind":"plain","computed":true}},"description_kind":"plain"}}}}}}
