{"format_version":"0.2","provider_schemas":{"registry.terraform.io/cloudtamer-io/cloudtamerio":{"provider":{"version":0,"block":{"attributes":{"apikey":{"type":"string","description":"The API key generated from cloudtamer.io. Example: app_1_XXXXXXXXXXXX.","description_kind":"plain","required":true,"sensitive":true},"skipsslvalidation":{"type":"bool","description":"If true, will skip SSL validation.","description_kind":"plain","optional":true},"url":{"type":"string","description":"The URL of a cloudtamer.io installation. Example: https://cloudtamerio.example.com.","description_kind":"plain","required":true}},"description_kind":"plain"}},"resource_schemas":{"cloudtamerio_aws_cloudformation_template":{"version":0,"block":{"attributes":{"description":{"type":"string","description_kind":"plain","optional":true},"id":{"type":"string","description_kind":"plain","optional":true,"computed":true},"last_updated":{"type":"string","description_kind":"plain","optional":true,"computed":true},"name":{"type":"string","description_kind":"plain","required":true},"policy":{"type":"string","description_kind":"plain","required":true},"region":{"type":"string","description_kind":"plain","optional":true},"regions":{"type":["list","string"],"description_kind":"plain","required":true},"sns_arns":{"type":"string","description_kind":"plain","optional":true},"template_parameters":{"type":"string","description_kind":"plain","optional":true},"termination_protection":{"type":"bool","description_kind":"plain","optional":true}},"block_types":{"owner_user_groups":{"nesting_mode":"list","block":{"attributes":{"id":{"type":"number","description_kind":"plain","optional":true}},"description_kind":"plain"}},"owner_users":{"nesting_mode":"list","block":{"attributes":{"id":{"type":"number","description_kind":"plain","optional":true}},"description_kind":"plain"}}},"description_kind":"plain"}},"cloudtamerio_aws_iam_policy":{"version":0,"block":{"attributes":{"aws_iam_path":{"type":"string","description_kind":"plain","optional":true},"aws_managed_policy":{"type":"bool","description_kind":"plain","computed":true},"description":{"type":"string","description_kind":"plain","optional":true},"id":{"type":"string","description_kind":"plain","optional":true,"computed":true},"last_updated":{"type":"string","description_kind":"plain","optional":true,"computed":true},"name":{"type":"string","description_kind":"plain","required":true},"path_suffix":{"type":"string","description_kind":"plain","computed":true},"policy":{"type":"string","description_kind":"plain","required":true},"system_managed_policy":{"type":"bool","description_kind":"plain","computed":true}},"block_types":{"owner_user_groups":{"nesting_mode":"list","block":{"attributes":{"id":{"type":"number","description_kind":"plain","optional":true}},"description_kind":"plain"}},"owner_users":{"nesting_mode":"list","block":{"attributes":{"id":{"type":"number","description_kind":"plain","optional":true}},"description_kind":"plain"}}},"description_kind":"plain"}},"cloudtamerio_azure_policy":{"version":0,"block":{"attributes":{"azure_managed_policy_def_id":{"type":"string","description_kind":"plain","computed":true},"ct_managed":{"type":"bool","description_kind":"plain","computed":true},"description":{"type":"string","description_kind":"plain","computed":true},"id":{"type":"string","description_kind":"plain","optional":true,"computed":true},"last_updated":{"type":"string","description_kind":"plain","optional":true,"computed":true},"name":{"type":"string","description_kind":"plain","computed":true},"parameters":{"type":"string","description_kind":"plain","computed":true},"policy":{"type":"string","description_kind":"plain","computed":true}},"block_types":{"owner_user_groups":{"nesting_mode":"list","block":{"attributes":{"id":{"type":"number","description_kind":"plain","optional":true}},"description_kind":"plain"}},"owner_users":{"nesting_mode":"list","block":{"attributes":{"id":{"type":"number","description_kind":"plain","optional":true}},"description_kind":"plain"}}},"description_kind":"plain"}},"cloudtamerio_cloud_rule":{"version":0,"block":{"attributes":{"built_in":{"type":"bool","description_kind":"plain","computed":true},"description":{"type":"string","description_kind":"plain","optional":true},"id":{"type":"string","description_kind":"plain","optional":true,"computed":true},"last_updated":{"type":"string","description_kind":"plain","optional":true,"computed":true},"name":{"type":"string","description_kind":"plain","required":true},"post_webhook_id":{"type":"number","description_kind":"plain","optional":true},"pre_webhook_id":{"type":"number","description_kind":"plain","optional":true}},"block_types":{"aws_cloudformation_templates":{"nesting_mode":"list","block":{"attributes":{"id":{"type":"number","description_kind":"plain","optional":true}},"description_kind":"plain"}},"aws_iam_policies":{"nesting_mode":"list","block":{"attributes":{"id":{"type":"number","description_kind":"plain","optional":true}},"description_kind":"plain"}},"azure_arm_template_definitions":{"nesting_mode":"list","block":{"attributes":{"id":{"type":"number","description_kind":"plain","optional":true}},"description_kind":"plain"}},"azure_policy_definitions":{"nesting_mode":"list","block":{"attributes":{"id":{"type":"number","description_kind":"plain","optional":true}},"description_kind":"plain"}},"azure_role_definitions":{"nesting_mode":"list","block":{"attributes":{"id":{"type":"number","description_kind":"plain","optional":true}},"description_kind":"plain"}},"compliance_standards":{"nesting_mode":"list","block":{"attributes":{"id":{"type":"number","description_kind":"plain","optional":true}},"description_kind":"plain"}},"internal_aws_amis":{"nesting_mode":"list","block":{"attributes":{"id":{"type":"number","description_kind":"plain","optional":true}},"description_kind":"plain"}},"internal_aws_service_catalog_portfolios":{"nesting_mode":"list","block":{"attributes":{"id":{"type":"number","description_kind":"plain","optional":true}},"description_kind":"plain"}},"ous":{"nesting_mode":"list","block":{"attributes":{"id":{"type":"number","description_kind":"plain","optional":true}},"description_kind":"plain"}},"owner_user_groups":{"nesting_mode":"list","block":{"attributes":{"id":{"type":"number","description_kind":"plain","optional":true}},"description_kind":"plain"}},"owner_users":{"nesting_mode":"list","block":{"attributes":{"id":{"type":"number","description_kind":"plain","optional":true}},"description_kind":"plain"}},"projects":{"nesting_mode":"list","block":{"attributes":{"id":{"type":"number","description_kind":"plain","optional":true}},"description_kind":"plain"}},"service_control_policies":{"nesting_mode":"list","block":{"attributes":{"id":{"type":"number","description_kind":"plain","optional":true}},"description_kind":"plain"}}},"description_kind":"plain"}},"cloudtamerio_compliance_check":{"version":0,"block":{"attributes":{"azure_policy_id":{"type":"number","description_kind":"plain","optional":true},"body":{"type":"string","description_kind":"plain","optional":true},"cloud_provider_id":{"type":"number","description_kind":"plain","required":true},"compliance_check_type_id":{"type":"number","description_kind":"plain","required":true},"created_at":{"type":"string","description_kind":"plain","computed":true},"created_by_user_id":{"type":"number","description_kind":"plain","required":true},"ct_managed":{"type":"bool","description_kind":"plain","computed":true},"description":{"type":"string","description_kind":"plain","optional":true},"frequency_minutes":{"type":"number","description_kind":"plain","optional":true},"frequency_type_id":{"type":"number","description_kind":"plain","optional":true},"id":{"type":"string","description_kind":"plain","optional":true,"computed":true},"is_all_regions":{"type":"bool","description_kind":"plain","optional":true},"is_auto_archived":{"type":"bool","description_kind":"plain","optional":true},"last_scan_id":{"type":"number","description_kind":"plain","computed":true},"last_updated":{"type":"string","description_kind":"plain","optional":true,"computed":true},"name":{"type":"string","description_kind":"plain","required":true},"regions":{"type":["list","string"],"description_kind":"plain","optional":true},"severity_type_id":{"type":"number","description_kind":"plain","optional":true}},"block_types":{"owner_user_groups":{"nesting_mode":"list","block":{"attributes":{"id":{"type":"number","description_kind":"plain","optional":true}},"description_kind":"plain"}},"owner_users":{"nesting_mode":"list","block":{"attributes":{"id":{"type":"number","description_kind":"plain","optional":true}},"description_kind":"plain"}}},"description_kind":"plain"}},"cloudtamerio_compliance_standard":{"version":0,"block":{"attributes":{"created_at":{"type":"string","description_kind":"plain","computed":true},"created_by_user_id":{"type":"number","description_kind":"plain","required":true},"ct_managed":{"type":"bool","description_kind":"plain","computed":true},"description":{"type":"string","description_kind":"plain","optional":true},"id":{"type":"string","description_kind":"plain","optional":true,"computed":true},"last_updated":{"type":"string","description_kind":"plain","optional":true,"computed":true},"name":{"type":"string","description_kind":"plain","required":true}},"block_types":{"compliance_checks":{"nesting_mode":"list","block":{"attributes":{"id":{"type":"number","description_kind":"plain","optional":true}},"description_kind":"plain"}},"owner_user_groups":{"nesting_mode":"list","block":{"attributes":{"id":{"type":"number","description_kind":"plain","optional":true}},"description_kind":"plain"}},"owner_users":{"nesting_mode":"list","block":{"attributes":{"id":{"type":"number","description_kind":"plain","optional":true}},"description_kind":"plain"}}},"description_kind":"plain"}},"cloudtamerio_ou":{"version":0,"block":{"attributes":{"created_at":{"type":"string","description_kind":"plain","computed":true},"description":{"type":"string","description_kind":"plain","optional":true},"id":{"type":"string","description_kind":"plain","optional":true,"computed":true},"last_updated":{"type":"string","description_kind":"plain","optional":true,"computed":true},"name":{"type":"string","description_kind":"plain","required":true},"parent_ou_id":{"type":"number","description_kind":"plain","required":true},"permission_scheme_id":{"type":"number","description_kind":"plain","required":true}},"block_types":{"owner_user_groups":{"nesting_mode":"list","block":{"attributes":{"id":{"type":"number","description_kind":"plain","optional":true}},"description_kind":"plain"}},"owner_users":{"nesting_mode":"list","block":{"attributes":{"id":{"type":"number","description_kind":"plain","optional":true}},"description_kind":"plain"}}},"description_kind":"plain"}},"cloudtamerio_ou_cloud_access_role":{"version":0,"block":{"attributes":{"aws_iam_path":{"type":"string","description_kind":"plain","optional":true},"aws_iam_permissions_boundary":{"type":"number","description_kind":"plain","optional":true},"aws_iam_role_name":{"type":"string","description_kind":"plain","required":true},"id":{"type":"string","description_kind":"plain","optional":true,"computed":true},"last_updated":{"type":"string","description_kind":"plain","optional":true,"computed":true},"long_term_access_keys":{"type":"bool","description_kind":"plain","optional":true},"name":{"type":"string","description_kind":"plain","required":true},"ou_id":{"type":"number","description_kind":"plain","required":true},"short_term_access_keys":{"type":"bool","description_kind":"plain","optional":true},"web_access":{"type":"bool","description_kind":"plain","optional":true}},"block_types":{"aws_iam_policies":{"nesting_mode":"list","block":{"attributes":{"id":{"type":"number","description_kind":"plain","optional":true}},"description_kind":"plain"}},"user_groups":{"nesting_mode":"list","block":{"attributes":{"id":{"type":"number","description_kind":"plain","optional":true}},"description_kind":"plain"}},"users":{"nesting_mode":"list","block":{"attributes":{"id":{"type":"number","description_kind":"plain","optional":true}},"description_kind":"plain"}}},"description_kind":"plain"}},"cloudtamerio_project_cloud_access_role":{"version":0,"block":{"attributes":{"apply_to_all_accounts":{"type":"bool","description_kind":"plain","optional":true},"aws_iam_path":{"type":"string","description_kind":"plain","optional":true},"aws_iam_permissions_boundary":{"type":"number","description_kind":"plain","optional":true},"aws_iam_role_name":{"type":"string","description_kind":"plain","required":true},"future_accounts":{"type":"bool","description_kind":"plain","optional":true},"id":{"type":"string","description_kind":"plain","optional":true,"computed":true},"last_updated":{"type":"string","description_kind":"plain","optional":true,"computed":true},"long_term_access_keys":{"type":"bool","description_kind":"plain","optional":true},"name":{"type":"string","description_kind":"plain","required":true},"project_id":{"type":"number","description_kind":"plain","required":true},"short_term_access_keys":{"type":"bool","description_kind":"plain","optional":true},"web_access":{"type":"bool","description_kind":"plain","optional":true}},"block_types":{"accounts":{"nesting_mode":"list","block":{"attributes":{"id":{"type":"number","description_kind":"plain","optional":true}},"description":"This field will be ignored if 'apply_to_all_accounts' is set to: true.","description_kind":"plain"}},"aws_iam_policies":{"nesting_mode":"list","block":{"attributes":{"id":{"type":"number","description_kind":"plain","optional":true}},"description_kind":"plain"}},"azure_role_definitions":{"nesting_mode":"list","block":{"attributes":{"id":{"type":"number","description_kind":"plain","optional":true}},"description_kind":"plain"}},"user_groups":{"nesting_mode":"list","block":{"attributes":{"id":{"type":"number","description_kind":"plain","optional":true}},"description_kind":"plain"}},"users":{"nesting_mode":"list","block":{"attributes":{"id":{"type":"number","description_kind":"plain","optional":true}},"description_kind":"plain"}}},"description_kind":"plain"}}},"data_source_schemas":{"cloudtamerio_aws_cloudformation_template":{"version":0,"block":{"attributes":{"id":{"type":"string","description_kind":"plain","optional":true,"computed":true},"list":{"type":["list",["object",{"description":"string","id":"number","name":"string","owner_user_groups":["list",["object",{"id":"number"}]],"owner_users":["list",["object",{"id":"number"}]],"policy":"string","region":"string","regions":["list","string"],"sns_arns":"string","template_parameters":"string","termination_protection":"bool"}]],"description_kind":"plain","computed":true}},"block_types":{"filter":{"nesting_mode":"list","block":{"attributes":{"name":{"type":"string","description_kind":"plain","required":true},"regex":{"type":"bool","description_kind":"plain","optional":true},"values":{"type":["list","string"],"description_kind":"plain","required":true}},"description_kind":"plain"}}},"description_kind":"plain"}},"cloudtamerio_aws_iam_policy":{"version":0,"block":{"attributes":{"id":{"type":"string","description_kind":"plain","optional":true,"computed":true},"list":{"type":["list",["object",{"aws_iam_path":"string","aws_managed_policy":"bool","description":"string","id":"number","name":"string","owner_user_groups":["list",["object",{"id":"number"}]],"owner_users":["list",["object",{"id":"number"}]],"path_suffix":"string","policy":"string","system_managed_policy":"bool"}]],"description_kind":"plain","computed":true}},"block_types":{"filter":{"nesting_mode":"list","block":{"attributes":{"name":{"type":"string","description_kind":"plain","required":true},"regex":{"type":"bool","description_kind":"plain","optional":true},"values":{"type":["list","string"],"description_kind":"plain","required":true}},"description_kind":"plain"}}},"description_kind":"plain"}},"cloudtamerio_azure_policy":{"version":0,"block":{"attributes":{"id":{"type":"string","description_kind":"plain","optional":true,"computed":true},"list":{"type":["list",["object",{"azure_managed_policy_def_id":"string","ct_managed":"bool","description":"string","id":"number","name":"string","owner_user_groups":["list",["object",{"id":"number"}]],"owner_users":["list",["object",{"id":"number"}]],"parameters":"string","policy":"string"}]],"description_kind":"plain","computed":true}},"block_types":{"filter":{"nesting_mode":"list","block":{"attributes":{"name":{"type":"string","description_kind":"plain","required":true},"regex":{"type":"bool","description_kind":"plain","optional":true},"values":{"type":["list","string"],"description_kind":"plain","required":true}},"description_kind":"plain"}}},"description_kind":"plain"}},"cloudtamerio_cloud_rule":{"version":0,"block":{"attributes":{"id":{"type":"string","description_kind":"plain","optional":true,"computed":true},"list":{"type":["list",["object",{"built_in":"bool","description":"string","id":"number","name":"string","post_webhook_id":"number","pre_webhook_id":"number"}]],"description_kind":"plain","computed":true}},"block_types":{"filter":{"nesting_mode":"list","block":{"attributes":{"name":{"type":"string","description_kind":"plain","required":true},"regex":{"type":"bool","description_kind":"plain","optional":true},"values":{"type":["list","string"],"description_kind":"plain","required":true}},"description_kind":"plain"}}},"description_kind":"plain"}},"cloudtamerio_compliance_check":{"version":0,"block":{"attributes":{"id":{"type":"string","description_kind":"plain","optional":true,"computed":true},"list":{"type":["list",["object",{"azure_policy_id":"number","body":"string","cloud_provider_id":"number","compliance_check_type_id":"number","created_at":"string","created_by_user_id":"number","ct_managed":"bool","description":"string","frequency_minutes":"number","frequency_type_id":"number","id":"number","is_all_regions":"bool","is_auto_archived":"bool","last_scan_id":"number","name":"string","regions":["list","string"],"severity_type_id":"number"}]],"description_kind":"plain","computed":true}},"block_types":{"filter":{"nesting_mode":"list","block":{"attributes":{"name":{"type":"string","description_kind":"plain","required":true},"regex":{"type":"bool","description_kind":"plain","optional":true},"values":{"type":["list","string"],"description_kind":"plain","required":true}},"description_kind":"plain"}}},"description_kind":"plain"}},"cloudtamerio_compliance_standard":{"version":0,"block":{"attributes":{"id":{"type":"string","description_kind":"plain","optional":true,"computed":true},"list":{"type":["list",["object",{"created_at":"string","created_by_user_id":"number","ct_managed":"bool","description":"string","id":"number","name":"string"}]],"description_kind":"plain","computed":true}},"block_types":{"filter":{"nesting_mode":"list","block":{"attributes":{"name":{"type":"string","description_kind":"plain","required":true},"regex":{"type":"bool","description_kind":"plain","optional":true},"values":{"type":["list","string"],"description_kind":"plain","required":true}},"description_kind":"plain"}}},"description_kind":"plain"}},"cloudtamerio_ou":{"version":0,"block":{"attributes":{"id":{"type":"string","description_kind":"plain","optional":true,"computed":true},"list":{"type":["list",["object",{"created_at":"string","description":"string","id":"number","name":"string","parent_ou_id":"number","permission_scheme_id":"number"}]],"description_kind":"plain","computed":true}},"block_types":{"filter":{"nesting_mode":"list","block":{"attributes":{"name":{"type":"string","description_kind":"plain","required":true},"regex":{"type":"bool","description_kind":"plain","optional":true},"values":{"type":["list","string"],"description_kind":"plain","required":true}},"description_kind":"plain"}}},"description_kind":"plain"}}}}}}
