{"format_version":"0.2","provider_schemas":{"registry.terraform.io/cohesity/cohesity":{"provider":{"version":0,"block":{"attributes":{"cluster_domain":{"type":"string","description":"The domain name of cohesity user","description_kind":"plain","optional":true},"cluster_password":{"type":"string","description":"Cohesity cluster password","description_kind":"plain","optional":true},"cluster_username":{"type":"string","description":"Cohesity cluster username","description_kind":"plain","optional":true},"cluster_vip":{"type":"string","description":"IP or hostname of Cohesity cluster node","description_kind":"plain","optional":true}},"description_kind":"plain"}},"resource_schemas":{"cohesity_cloud_edition_cluster":{"version":0,"block":{"attributes":{"cluster_gateway":{"type":"string","description":"The default gateway IP address for the cluster network","description_kind":"plain","required":true},"cluster_name":{"type":"string","description":"The name of the new Cloud edition cluster","description_kind":"plain","required":true},"cluster_subnet_mask":{"type":"string","description":"The subnet mask of the cluster network","description_kind":"plain","required":true},"dns_servers":{"type":["set","string"],"description":"The DNS servers to configure on the cluster","description_kind":"plain","required":true},"domain_names":{"type":["set","string"],"description":"The domain names to configure on the cluster","description_kind":"plain","required":true},"enable_encryption":{"type":"bool","description":"Specifies whether or not to enable encryption.\n\t\t\t\t If encryption is enabled, all data on the cluster will be encrypted","description_kind":"plain","optional":true},"enable_fips_mode":{"type":"bool","description":"Specifies whether or not to enable FIPS mode.\n\t\t\t\t This must be set to true in order to enable FIPS","description_kind":"plain","optional":true},"encryption_keys_rotation_period":{"type":"number","description":"The rotation period for encryption keys in days","description_kind":"plain","optional":true},"id":{"type":"string","description_kind":"plain","optional":true,"computed":true},"license_key":{"type":"string","description":"Cohesity license key to apply after cluster creation","description_kind":"plain","optional":true,"sensitive":true},"metadata_fault_tolerance":{"type":"number","description":"The metadata fault tolerance","description_kind":"plain","optional":true},"node_ips":{"type":["set","string"],"description":"IP addresses of the nodes in the cluster","description_kind":"plain","required":true},"ntp_servers":{"type":["set","string"],"description":"The NTP servers to configure on the cluster","description_kind":"plain","required":true},"operation_timeout":{"type":"number","description":"The time to wait in minutes for cluster creation or destruction","description_kind":"plain","optional":true}},"description_kind":"plain"}},"cohesity_job_run":{"version":0,"block":{"attributes":{"id":{"type":"string","description_kind":"plain","optional":true,"computed":true},"name":{"type":"string","description":"Specifies the name of the Protection Job","description_kind":"plain","required":true},"operation_timeout":{"type":"number","description":"Specifies the time to wait in minutes for the protection job run\n\t\t\t\t to complete the run or stop the run","description_kind":"plain","optional":true},"run_type":{"type":"string","description":"Specifies the type of backup","description_kind":"plain","optional":true},"state":{"type":"string","description":"Specifies whether to start or stop a protection job run","description_kind":"plain","optional":true},"timestamp":{"type":"string","description":"Specifies the current timestamp to trigger starting or stopping a job run","description_kind":"plain","required":true}},"description_kind":"plain"}},"cohesity_job_vmware":{"version":0,"block":{"attributes":{"delete_snapshots":{"type":"bool","description":"Specifies if snapshots generated by the Protection\n\t\t\t\tJob should also be deleted when the Job is deleted.","description_kind":"plain","optional":true},"exclude":{"type":["set","string"],"description":"Specifies the list of vm's from the protection source\n\t\t\t\tthat should not be protected and are excluded from being\n\t\t\t\tbacked up by the protection job","description_kind":"plain","optional":true},"full_sla":{"type":"number","description":"Specifies the number of minutes that a Job Run\n\t\t\t\tof a Full (no CBT) backup schedule is expected to complete,\n\t\t\t\twhich is known as a Service-Level Agreement (SLA).A SLA\n\t\t\t\tviolation is reported when the run time of a Job Run exceeds\n\t\t\t\tthe SLA time period specified for this backup schedule.","description_kind":"plain","optional":true},"id":{"type":"string","description_kind":"plain","optional":true,"computed":true},"include":{"type":["set","string"],"description":"Specifies the list of vm's from the\n\t\t\t\tprotection source to be protected by this protection job","description_kind":"plain","optional":true},"incremental_sla":{"type":"number","description":"Specifies the number of minutes that a Job Run\n\t\t\t\tof a CBT-based backup schedule is expected to complete, which\n\t\t\t\tis known as a Service-Level Agreement (SLA). A SLA violation\n\t\t\t\tis reported when the run time of a Job Run exceeds the SLA\n\t\t\t\ttime period specified for this backup schedule.","description_kind":"plain","optional":true},"name":{"type":"string","description":"Specifies the name of the Protection Job","description_kind":"plain","required":true},"policy":{"type":"string","description":"Specifies the protection policy","description_kind":"plain","required":true},"priority":{"type":"string","description":"Specifies the priority of execution for a\n\t\t\t\tProtection Job","description_kind":"plain","optional":true},"protection_source":{"type":"string","description":"Specifies the Protection source","description_kind":"plain","required":true},"qos_type":{"type":"string","description":"Specifies the QoS policy type to use for this\n\t\t\t\tProtection Job. 'BackupHDD' indicates the Cohesity Cluster\n\t\t\t\twrites data directly to the HDD tier for this Protection Job.\n\t\t\t\tThis is the recommended setting. 'BackupSSD' indicates the\n\t\t\t\tCohesity Cluster writes data directly to the SSD tier for this\n\t\t\t\tProtection Job. Only specify this policy if you need fast ingest\n\t\t\t\tspeed for a small number of Protection Jobs","description_kind":"plain","optional":true},"storage_domain":{"type":"string","description":"Specifies the storage domain where this job\n\t\t\t\twrites data","description_kind":"plain","required":true},"timezone":{"type":"string","description":"Specifies the timezone in the format: Area/Location","description_kind":"plain","optional":true}},"description_kind":"plain"}},"cohesity_physical_edition_cluster":{"version":0,"block":{"attributes":{"cluster_gateway":{"type":"string","description":"The default gateway IP address for the cluster network","description_kind":"plain","required":true},"cluster_name":{"type":"string","description":"The name of the new Physical edition cluste","description_kind":"plain","required":true},"cluster_subnet_mask":{"type":"string","description":"The subnet mask of the cluster network","description_kind":"plain","required":true},"dns_servers":{"type":["set","string"],"description":"The DNS servers to configure on the cluster","description_kind":"plain","required":true},"domain_names":{"type":["set","string"],"description":"The domain names to configure on the cluster","description_kind":"plain","required":true},"enable_encryption":{"type":"bool","description":"Specifies whether or not to enable encryption.\n\t\t\t\t If encryption is enabled, all data on the cluster will be encrypted","description_kind":"plain","optional":true},"enable_fips_mode":{"type":"bool","description":"Specifies whether or not to enable FIPS mode.\n\t\t\t\t This must be set to true in order to enable FIPS","description_kind":"plain","optional":true},"encryption_keys_rotation_period":{"type":"number","description":"The rotation period for encryption keys in days","description_kind":"plain","optional":true},"id":{"type":"string","description_kind":"plain","optional":true,"computed":true},"ipmi_gateway":{"type":"string","description":"The default gateway IP address for the IPMI network","description_kind":"plain","required":true},"ipmi_password":{"type":"string","description":"The IPMI password","description_kind":"plain","optional":true,"sensitive":true},"ipmi_subnet_mask":{"type":"string","description":"The subnet mask for the IPMI network","description_kind":"plain","required":true},"ipmi_username":{"type":"string","description":"The IPMI username","description_kind":"plain","optional":true},"license_key":{"type":"string","description":"Cohesity license key to apply after cluster creation","description_kind":"plain","optional":true,"sensitive":true},"metadata_fault_tolerance":{"type":"number","description":"The metadata fault tolerance","description_kind":"plain","optional":true},"ntp_servers":{"type":["set","string"],"description":"The NTP servers to configure on the cluster","description_kind":"plain","required":true},"operation_timeout":{"type":"number","description":"The time to wait in minutes for cluster creation or destruction","description_kind":"plain","optional":true},"virtual_ip_hostname":{"type":"string","description":"The virtual IP hostname","description_kind":"plain","required":true},"virtual_ips":{"type":["set","string"],"description":"The virtauls IPs for the new cluster","description_kind":"plain","required":true}},"block_types":{"node_configs":{"nesting_mode":"set","block":{"attributes":{"node_ip":{"type":"string","description":"IP address for this node","description_kind":"plain","required":true},"node_ipmi_ip":{"type":"string","description":"IPMI IP for this node","description_kind":"plain","required":true}},"description_kind":"plain"},"min_items":1}},"description_kind":"plain"}},"cohesity_restore_vmware_vm":{"version":0,"block":{"attributes":{"backup_timestamp":{"type":"string","description":"Specifies the time of the protection job run.\n\t\t\t\t Should be in the format YYYY-MM-DD HH:MM Area/Location","description_kind":"plain","optional":true},"id":{"type":"string","description_kind":"plain","optional":true,"computed":true},"job_name":{"type":"string","description":"Specifies the name of the protection job that backed up the objects to be restored","description_kind":"plain","required":true},"name":{"type":"string","description":"Specifies the name of the restore task","description_kind":"plain","required":true},"operation_timeout":{"type":"number","description":"The time to wait in minutes for restore task start/stop operation","description_kind":"plain","optional":true},"state":{"type":"string","description":"Specifies whether to start or stop a restore task","description_kind":"plain","optional":true},"vm_names":{"type":["set","string"],"description":"Specifies the names of the virtual machines to restore","description_kind":"plain","optional":true},"vmware_parameters":{"type":["map","string"],"description":"Specifies vmware parameters for the restore task","description_kind":"plain","optional":true}},"description_kind":"plain"}},"cohesity_source_vmware":{"version":0,"block":{"attributes":{"active_task_latency":{"type":"number","description":"If the latency of a datastore is above this value,\n\t\t\t\texisting backup tasks using the datastore are throttled.","description_kind":"plain","optional":true},"ca_certificate":{"type":"string","description":"The contents of CA certificate","description_kind":"plain","optional":true,"sensitive":true},"cap_streams_per_datastore":{"type":"bool","description":"Specifies whether datastore streams are configured\n\t\t\t\tfor all datastores that are part of the registered entity. If set\n\t\t\t\tto true, number of streams from Cohesity cluster to the registered\n\t\t\t\tentity will be limited to the value set for number_of_streams. If\n\t\t\t\tnot set or set to false, there is no max limit for the number of \n\t\t\t\tconcurrent streams.","description_kind":"plain","optional":true},"enable_latency_throttling":{"type":"bool","description":"Indicates whether read operations to the datastores,\n\t\t\t\twhich are part of the registered Protection Source, are throttled.","description_kind":"plain","optional":true},"enable_ssl_verification":{"type":"bool","description":"Specifies whether SSL verification should be performed.","description_kind":"plain","optional":true},"endpoint":{"type":"string","description":"Specifies the network endpoint of the Protection\n\t\t\t\tSource where it is reachable. It could be an URL or hostname or\n\t\t\t\tan IP address of the Protection Source\n\t\t\t\t\t\t\t  ","description_kind":"plain","required":true},"id":{"type":"string","description_kind":"plain","optional":true,"computed":true},"new_task_latency":{"type":"number","description":"If the latency of a datastore is above this value,\n\t\t\t\tthen new backup tasks using the datastore will not be started.","description_kind":"plain","optional":true},"number_of_streams":{"type":"number","description":"Specifies the limit on the number of streams\n\t\t\t\tCohesity cluster will make concurrently to the datastores\n\t\t\t\tof the registered entity. This limit is enforced only when the\n\t\t\t\tcap_streams_per_datastore is set to true","description_kind":"plain","optional":true},"password":{"type":"string","description":"Specifies password of the username to access the target source","description_kind":"plain","optional":true,"sensitive":true},"username":{"type":"string","description":"Specifies username to access the target source","description_kind":"plain","required":true},"vmware_type":{"type":"string","description":"Specifies the VMware entity type","description_kind":"plain","optional":true}},"description_kind":"plain"}},"cohesity_virtual_edition_cluster":{"version":0,"block":{"attributes":{"cluster_gateway":{"type":"string","description":"The default gateway IP address for the cluster network","description_kind":"plain","required":true},"cluster_name":{"type":"string","description":"The name of the new Virtual edition cluster","description_kind":"plain","required":true},"cluster_subnet_mask":{"type":"string","description":"The subnet mask of the cluster network","description_kind":"plain","required":true},"dns_servers":{"type":["set","string"],"description":"The DNS servers to configure on the cluster","description_kind":"plain","required":true},"domain_names":{"type":["set","string"],"description":"The domain names to configure on the cluster","description_kind":"plain","required":true},"enable_encryption":{"type":"bool","description":"Specifies whether or not to enable encryption.\n\t\t\t\t If encryption is enabled, all data on the cluster will be encrypted","description_kind":"plain","optional":true},"enable_fips_mode":{"type":"bool","description":"Specifies whether or not to enable FIPS mode.\n\t\t\t\t This must be set to true in order to enable FIPS","description_kind":"plain","optional":true},"encryption_keys_rotation_period":{"type":"number","description":"The rotation period for encryption keys in days","description_kind":"plain","optional":true},"id":{"type":"string","description_kind":"plain","optional":true,"computed":true},"license_key":{"type":"string","description":"Cohesity license key to apply after cluster creation","description_kind":"plain","optional":true,"sensitive":true},"metadata_fault_tolerance":{"type":"number","description":"The metadata fault tolerance","description_kind":"plain","optional":true},"node_ips":{"type":["set","string"],"description":"IP addresses of the nodes in the cluster","description_kind":"plain","required":true},"ntp_servers":{"type":["set","string"],"description":"The NTP servers to configure on the cluster","description_kind":"plain","required":true},"operation_timeout":{"type":"number","description":"The time to wait in minutes for cluster creation or destruction","description_kind":"plain","optional":true},"virtual_ip_hostname":{"type":"string","description":"The virtual IP hostname","description_kind":"plain","required":true},"virtual_ips":{"type":["set","string"],"description":"The virtauls IPs for the new cluster","description_kind":"plain","required":true}},"description_kind":"plain"}}}}}}
