{"format_version":"0.2","provider_schemas":{"registry.terraform.io/commvault/commvault":{"provider":{"version":0,"block":{"attributes":{"password":{"type":"string","description":"Specifies the Password for the user name to authentication to Web Server.","description_kind":"plain","optional":true},"user_name":{"type":"string","description":"Specifies the User name used for authentication to Web Server","description_kind":"plain","optional":true},"web_service_url":{"type":"string","description":"Specifies the Web Server URL of the commserver for performing Terraform Operations.","description_kind":"plain","optional":true}},"description_kind":"plain"}},"resource_schemas":{"commvault_amazon_hypervisor":{"version":0,"block":{"attributes":{"access_key":{"type":"string","description":"Specifies The access key ID for your Amazon account.","description_kind":"plain","optional":true},"access_nodes":{"type":"string","description":"Specifies The clients that have the VSA package installed and that act as proxy clients for Amazon hypervisors.","description_kind":"plain","required":true},"client_name":{"type":"string","description":"Specifies The name of the Amazon hypervisor.","description_kind":"plain","required":true},"company_id":{"type":"number","description":"Specifies the company id to which the Amazon Hypervisor should be associated with.","description_kind":"plain","optional":true},"id":{"type":"string","description_kind":"plain","optional":true,"computed":true},"regions":{"type":"string","description":"Specifies the regions used for the Hypervisor","description_kind":"plain","optional":true},"secret_key":{"type":"string","description":"Specifies The secret key ID for your Amazon account.","description_kind":"plain","optional":true},"use_iam_role":{"type":"bool","description":"Specifies whether you want to use IAM role.","description_kind":"plain","required":true}},"description_kind":"plain"}},"commvault_aws_storage":{"version":0,"block":{"attributes":{"access_key_id":{"type":"string","description":"Specifies the access key id for the AWS Storage.","description_kind":"plain","optional":true},"bucket":{"type":"string","description":"Specifies the bucket name used for AWS Storage.","description_kind":"plain","required":true},"company_id":{"type":"number","description":"Specifies the company id to which the created AWS storage should be associated with.","description_kind":"plain","optional":true},"credentials_name":{"type":"string","description":"Sepcifies the saved creation name for creating AWS Storage.","description_kind":"plain","optional":true},"ddb_location":{"type":"string","description":"Specifies the Deduplication path for the AWS Storage","description_kind":"plain","optional":true},"id":{"type":"string","description_kind":"plain","optional":true,"computed":true},"mediaagent":{"type":"string","description":"Specifies the Media agent used for the AWS Storage.","description_kind":"plain","required":true},"secret_access_key":{"type":"string","description":"Specifies the secret access key for the AWS Storage.","description_kind":"plain","optional":true},"service_host":{"type":"string","description":"Specifies the service host name for the AWS storage.","description_kind":"plain","required":true},"storage_name":{"type":"string","description":"Specifies the Name of the AWS Storage.","description_kind":"plain","required":true}},"description_kind":"plain"}},"commvault_azure_hypervisor":{"version":0,"block":{"attributes":{"access_nodes":{"type":"string","description":"Specifies The clients that have the VSA package installed and that act as proxy clients for Azure hypervisors.","description_kind":"plain","required":true},"application_id":{"type":"string","description":"Specifies The application ID of the tenant.","description_kind":"plain","required":true},"application_password":{"type":"string","description":"Specifies The password for the application ID of the tenant.","description_kind":"plain","required":true},"company_id":{"type":"number","description":"Specifies the company id to which the Azure Hypervisor should be associated with.","description_kind":"plain","optional":true},"hypervisor_name":{"type":"string","description":"Specifies The name of the hypervisor.","description_kind":"plain","required":true},"id":{"type":"string","description_kind":"plain","optional":true,"computed":true},"subscription_id":{"type":"string","description":"Specifies The subscription ID for your Azure account.","description_kind":"plain","required":true},"tenant_id":{"type":"string","description":"Specifies The tenant ID for your Azure account.","description_kind":"plain","required":true}},"description_kind":"plain"}},"commvault_azure_storage":{"version":0,"block":{"attributes":{"access_key_id":{"type":"string","description":"Specifies the access key id for the Azure Storage.","description_kind":"plain","optional":true},"account_name":{"type":"string","description":"Specifies the Account name for the Azure Storage.","description_kind":"plain","optional":true},"company_id":{"type":"number","description":"Specifies the company id to which the created Azure storage should be associated with.","description_kind":"plain","optional":true},"container":{"type":"string","description":"Specifies the container name user for the Azure Storage.","description_kind":"plain","required":true},"credentials_name":{"type":"string","description":"Specifies the saved creation name for creating Azure Storage.","description_kind":"plain","optional":true},"ddb_location":{"type":"string","description":"Specifies the Deduplication path for the Azure Storage","description_kind":"plain","optional":true},"id":{"type":"string","description_kind":"plain","optional":true,"computed":true},"mediaagent":{"type":"string","description":"Specifies the Media agent used for the Azure Storage.","description_kind":"plain","required":true},"service_host":{"type":"string","description":"Specifies the service host name for the Azure storage.","description_kind":"plain","required":true},"storage_name":{"type":"string","description":"Specifies the Name of the Azure Storage.","description_kind":"plain","required":true}},"description_kind":"plain"}},"commvault_company":{"version":0,"block":{"attributes":{"associated_smtp":{"type":"string","description":"Specifies the SMTP address of the company.","description_kind":"plain","optional":true},"company_alias":{"type":"string","description":"Specifies the Alias name for the company.","description_kind":"plain","required":true},"company_id":{"type":"number","description":"Specifies  the company id to which the child company should be associated with.","description_kind":"plain","optional":true},"company_name":{"type":"string","description":"Specifies the name of the Company.","description_kind":"plain","required":true},"contact_name":{"type":"string","description":"Specifies Name of the tenant administrator.","description_kind":"plain","required":true},"email":{"type":"string","description":"Specifies Email address for the tenant administrator.","description_kind":"plain","required":true},"id":{"type":"string","description_kind":"plain","optional":true,"computed":true},"plans":{"type":["set","string"],"description":"Specifies the data protection plans to use for the company. The plans you select are the plans that the tenant administrator can choose from.","description_kind":"plain","optional":true},"send_email":{"type":"bool","description":"Specifies whether  email needs to be sent ot not","description_kind":"plain","optional":true}},"description_kind":"plain"}},"commvault_disk_storage":{"version":0,"block":{"attributes":{"backup_location":{"type":"string","description":"Specifies the full path to the storage location.","description_kind":"plain","required":true},"company_id":{"type":"number","description":"Specifies the company id to which the created disk storage should be associated with.","description_kind":"plain","optional":true},"ddb_location":{"type":"string","description":"Specifies the Deduplication path for the storage","description_kind":"plain","optional":true},"id":{"type":"string","description_kind":"plain","optional":true,"computed":true},"mediaagent":{"type":"string","description":"Specifies the Media agent used for the Disk Storage.","description_kind":"plain","required":true},"storage_name":{"type":"string","description":"Specifies the Name of the Disk Storage.","description_kind":"plain","required":true}},"description_kind":"plain"}},"commvault_google_storage":{"version":0,"block":{"attributes":{"access_key_id":{"type":"string","description":"Specifies the access key id for the Google Storage.","description_kind":"plain","optional":true},"bucket":{"type":"string","description":"Specifies the bucket name user for the Google Storage.","description_kind":"plain","required":true},"company_id":{"type":"number","description":"Specifies the company id to which the created Google storage should be associated with.","description_kind":"plain","optional":true},"credentials_name":{"type":"string","description":"Sepcifies the saved creation name for creating Google Storage.","description_kind":"plain","optional":true},"ddb_location":{"type":"string","description":"Specifies the Deduplication path for the Google Storage","description_kind":"plain","optional":true},"id":{"type":"string","description_kind":"plain","optional":true,"computed":true},"mediaagent":{"type":"string","description":"Specifies the Media agent used for the Google Storage.","description_kind":"plain","required":true},"secret_access_key":{"type":"string","description":"Specifies the secret access key for Google Storage.","description_kind":"plain","optional":true},"service_host":{"type":"string","description":"Specifies the service host name for the Google storage.","description_kind":"plain","required":true},"storage_name":{"type":"string","description":"Specifies the Name of the Google Storage.","description_kind":"plain","required":true}},"description_kind":"plain"}},"commvault_install_ma":{"version":0,"block":{"attributes":{"company_id":{"type":"number","description":"Specifies the company id to which the installed MA should be associated with.","description_kind":"plain","optional":true},"hostname":{"type":"string","description":"Specifies the Media Agent Hostname user for the installation","description_kind":"plain","required":true},"id":{"type":"string","description_kind":"plain","optional":true,"computed":true},"mediaagent_name":{"type":"string","description":"Specifies the Media Agent name used for installation.","description_kind":"plain","required":true},"password":{"type":"string","description":"Specifies the password for the host computer for the installation.","description_kind":"plain","required":true},"user_name":{"type":"string","description":"Specifies the User name of the host computer for the installation.","description_kind":"plain","required":true}},"description_kind":"plain"}},"commvault_login":{"version":0,"block":{"attributes":{"id":{"type":"string","description_kind":"plain","optional":true,"computed":true},"password":{"type":"string","description":"Specifies the password for user login","description_kind":"plain","required":true},"user_name":{"type":"string","description":"Specifies the username used for login","description_kind":"plain","required":true}},"description_kind":"plain"}},"commvault_plan":{"version":0,"block":{"attributes":{"backup_destination_name":{"type":"string","description":"Specifies the destination name for the backup.","description_kind":"plain","required":true},"backup_destination_storage":{"type":"string","description":"Specifies the backup destination storage used for the plan.","description_kind":"plain","required":true},"company_id":{"type":"number","description":"Specifies the companyid to which the created plan needs to be associated with.","description_kind":"plain","optional":true},"id":{"type":"string","description_kind":"plain","optional":true,"computed":true},"plan_name":{"type":"string","description":"Specifies the Plan name used for creation of the plan.","description_kind":"plain","required":true},"retention_period_days":{"type":"number","description":"Specifies the number of days that the software retains the data.","description_kind":"plain","required":true},"rpo_in_days":{"type":"number","description":"Specifies the rpo in Days for created plan","description_kind":"plain","optional":true}},"description_kind":"plain"}},"commvault_plan_to_vm":{"version":0,"block":{"attributes":{"id":{"type":"string","description_kind":"plain","optional":true,"computed":true},"new_plan":{"type":"string","description":"Specifies the new plan name for association","description_kind":"plain","optional":true},"plan":{"type":"string","description":"Specifies the plan name to associate.","description_kind":"plain","required":true},"vm_name":{"type":"string","description":"Specifies the vm name to associate.","description_kind":"plain","required":true}},"description_kind":"plain"}},"commvault_security_association":{"version":0,"block":{"attributes":{"client_list":{"type":["set","string"],"description":"Specifies the list of clients for association.","description_kind":"plain","required":true},"id":{"type":"string","description_kind":"plain","optional":true,"computed":true},"permissions_list":{"type":["set","string"],"description":"Specifies the permission names list used for the association.","description_kind":"plain","required":true},"user_group_name":{"type":"string","description":"Specifies the user group name used for association.","description_kind":"plain","required":true}},"description_kind":"plain"}},"commvault_user":{"version":0,"block":{"attributes":{"company_id":{"type":"number","description":"Specifies the company id for which the created user will be associated with.","description_kind":"plain","optional":true},"description":{"type":"string","description":"Specifies The description of the user account.","description_kind":"plain","optional":true},"email":{"type":"string","description":"Specifies The email address of the user.","description_kind":"plain","required":true},"full_name":{"type":"string","description":"Specifies The first, middle, and last names of the user.","description_kind":"plain","optional":true},"id":{"type":"string","description_kind":"plain","optional":true,"computed":true},"new_name":{"type":"string","description":"Spcifies the new name for the user","description_kind":"plain","optional":true},"password":{"type":"string","description":"Specifies The password for the account.","description_kind":"plain","required":true},"user_name":{"type":"string","description":"Specifies The user name for the account.","description_kind":"plain","required":true}},"description_kind":"plain"}},"commvault_vm_group":{"version":0,"block":{"attributes":{"client_id":{"type":"number","description":"Specifies The ID of the hypervisor client.","description_kind":"plain","required":true},"company_id":{"type":"number","description":"Specifies the company id to which the vm group should be associated with.","description_kind":"plain","optional":true},"id":{"type":"string","description_kind":"plain","optional":true,"computed":true},"plan_id":{"type":"number","description":"Specifies The ID of the plan that you want to associate with the VM group.","description_kind":"plain","required":true},"tags":{"type":["set","string"],"description":"Specifies The Tags that you want to back up in a VM group.","description_kind":"plain","optional":true},"vm_group_name":{"type":"string","description":"Specifies The name of the VM group.","description_kind":"plain","required":true},"vms":{"type":["set","string"],"description":"Specifies The VMs that you want to back up in a VM group.","description_kind":"plain","optional":true}},"description_kind":"plain"}},"commvault_vmware_hypervisor":{"version":0,"block":{"attributes":{"access_nodes":{"type":"string","description":"Specifies The clients that have the VSA package installed and that act as proxy clients for hypervisors.","description_kind":"plain","required":true},"company_id":{"type":"number","description":"Specifies the company id to which the Vmware Hypervisor should be associated with.","description_kind":"plain","optional":true},"display_name":{"type":"string","description":"Specifies The display name of the hypervisor.","description_kind":"plain","required":true},"host_name":{"type":"string","description":"Specifies The host name of the hypervisor.","description_kind":"plain","required":true},"id":{"type":"string","description_kind":"plain","optional":true,"computed":true},"password":{"type":"string","description":"Specifies The password for the account.","description_kind":"plain","required":true},"user_name":{"type":"string","description":"Specifies The user name for the account.","description_kind":"plain","required":true}},"description_kind":"plain"}}}}}}
