{"format_version":"0.2","provider_schemas":{"registry.terraform.io/configcat/configcat":{"provider":{"version":0,"block":{"attributes":{"base_path":{"type":"string","description":"ConfigCat Public Management API Base Path (defaults to production).","description_kind":"plain","optional":true},"basic_auth_password":{"type":"string","description":"ConfigCat Public API credential - Basic Auth Password","description_kind":"plain","required":true},"basic_auth_username":{"type":"string","description":"ConfigCat Public API credential - Basic Auth Username.","description_kind":"plain","required":true}},"description_kind":"plain"}},"resource_schemas":{"configcat_config":{"version":0,"block":{"attributes":{"description":{"type":"string","description_kind":"plain","optional":true},"id":{"type":"string","description_kind":"plain","optional":true,"computed":true},"name":{"type":"string","description_kind":"plain","required":true},"product_id":{"type":"string","description_kind":"plain","required":true}},"description_kind":"plain"}},"configcat_environment":{"version":0,"block":{"attributes":{"color":{"type":"string","description_kind":"plain","optional":true},"description":{"type":"string","description_kind":"plain","optional":true},"id":{"type":"string","description_kind":"plain","optional":true,"computed":true},"name":{"type":"string","description_kind":"plain","required":true},"product_id":{"type":"string","description_kind":"plain","required":true}},"description_kind":"plain"}},"configcat_product":{"version":0,"block":{"attributes":{"description":{"type":"string","description_kind":"plain","optional":true},"id":{"type":"string","description_kind":"plain","optional":true,"computed":true},"name":{"type":"string","description_kind":"plain","required":true},"organization_id":{"type":"string","description_kind":"plain","required":true}},"description_kind":"plain"}},"configcat_setting":{"version":0,"block":{"attributes":{"config_id":{"type":"string","description_kind":"plain","required":true},"hint":{"type":"string","description_kind":"plain","optional":true},"id":{"type":"string","description_kind":"plain","optional":true,"computed":true},"key":{"type":"string","description_kind":"plain","required":true},"name":{"type":"string","description_kind":"plain","required":true},"setting_type":{"type":"string","description_kind":"plain","optional":true}},"description_kind":"plain"}},"configcat_setting_tag":{"version":0,"block":{"attributes":{"id":{"type":"string","description_kind":"plain","optional":true,"computed":true},"setting_id":{"type":"string","description_kind":"plain","required":true},"tag_id":{"type":"string","description_kind":"plain","required":true}},"description_kind":"plain"}},"configcat_setting_value":{"version":0,"block":{"attributes":{"environment_id":{"type":"string","description_kind":"plain","required":true},"id":{"type":"string","description_kind":"plain","optional":true,"computed":true},"init_only":{"type":"bool","description_kind":"plain","optional":true},"mandatory_notes":{"type":"string","description_kind":"plain","optional":true},"setting_id":{"type":"string","description_kind":"plain","required":true},"setting_type":{"type":"string","description_kind":"plain","computed":true},"value":{"type":"string","description_kind":"plain","required":true}},"block_types":{"percentage_items":{"nesting_mode":"list","block":{"attributes":{"percentage":{"type":"string","description_kind":"plain","required":true},"value":{"type":"string","description_kind":"plain","required":true}},"description_kind":"plain"}},"rollout_rules":{"nesting_mode":"list","block":{"attributes":{"comparator":{"type":"string","description_kind":"plain","required":true},"comparison_attribute":{"type":"string","description_kind":"plain","required":true},"comparison_value":{"type":"string","description_kind":"plain","required":true},"value":{"type":"string","description_kind":"plain","required":true}},"description_kind":"plain"}}},"description_kind":"plain"}},"configcat_tag":{"version":0,"block":{"attributes":{"color":{"type":"string","description_kind":"plain","optional":true},"id":{"type":"string","description_kind":"plain","optional":true,"computed":true},"name":{"type":"string","description_kind":"plain","required":true},"product_id":{"type":"string","description_kind":"plain","required":true}},"description_kind":"plain"}}},"data_source_schemas":{"configcat_configs":{"version":0,"block":{"attributes":{"configs":{"type":["list",["object",{"config_id":"string","description":"string","name":"string"}]],"description_kind":"plain","computed":true},"id":{"type":"string","description_kind":"plain","optional":true,"computed":true},"name_filter_regex":{"type":"string","description_kind":"plain","optional":true},"product_id":{"type":"string","description_kind":"plain","required":true}},"description_kind":"plain"}},"configcat_environments":{"version":0,"block":{"attributes":{"environments":{"type":["list",["object",{"color":"string","description":"string","environment_id":"string","name":"string"}]],"description_kind":"plain","computed":true},"id":{"type":"string","description_kind":"plain","optional":true,"computed":true},"name_filter_regex":{"type":"string","description_kind":"plain","optional":true},"product_id":{"type":"string","description_kind":"plain","required":true}},"description_kind":"plain"}},"configcat_organizations":{"version":0,"block":{"attributes":{"id":{"type":"string","description_kind":"plain","optional":true,"computed":true},"name_filter_regex":{"type":"string","description_kind":"plain","optional":true},"organizations":{"type":["list",["object",{"name":"string","organization_id":"string"}]],"description_kind":"plain","computed":true}},"description_kind":"plain"}},"configcat_products":{"version":0,"block":{"attributes":{"id":{"type":"string","description_kind":"plain","optional":true,"computed":true},"name_filter_regex":{"type":"string","description_kind":"plain","optional":true},"products":{"type":["list",["object",{"description":"string","name":"string","product_id":"string"}]],"description_kind":"plain","computed":true}},"description_kind":"plain"}},"configcat_sdkkeys":{"version":0,"block":{"attributes":{"config_id":{"type":"string","description_kind":"plain","required":true},"environment_id":{"type":"string","description_kind":"plain","required":true},"id":{"type":"string","description_kind":"plain","optional":true,"computed":true},"primary":{"type":"string","description_kind":"plain","computed":true},"secondary":{"type":"string","description_kind":"plain","computed":true}},"description_kind":"plain"}},"configcat_settings":{"version":0,"block":{"attributes":{"config_id":{"type":"string","description_kind":"plain","required":true},"id":{"type":"string","description_kind":"plain","optional":true,"computed":true},"key_filter_regex":{"type":"string","description_kind":"plain","optional":true},"settings":{"type":["list",["object",{"hint":"string","key":"string","name":"string","setting_id":"string","setting_type":"string"}]],"description_kind":"plain","computed":true}},"description_kind":"plain"}},"configcat_tags":{"version":0,"block":{"attributes":{"id":{"type":"string","description_kind":"plain","optional":true,"computed":true},"name_filter_regex":{"type":"string","description_kind":"plain","optional":true},"product_id":{"type":"string","description_kind":"plain","required":true},"tags":{"type":["list",["object",{"color":"string","name":"string","tag_id":"string"}]],"description_kind":"plain","computed":true}},"description_kind":"plain"}}}}}}
