{"format_version":"0.2","provider_schemas":{"registry.terraform.io/confluentinc/confluentcloud":{"provider":{"version":0,"block":{"attributes":{"api_key":{"type":"string","description":"The Confluent Cloud API Key.","description_kind":"markdown","optional":true,"sensitive":true},"api_secret":{"type":"string","description":"The Confluent Cloud API Secret.","description_kind":"markdown","optional":true,"sensitive":true},"endpoint":{"type":"string","description":"The base endpoint of Confluent Cloud API. Defaults to `https://api.confluent.cloud`.","description_kind":"markdown","optional":true},"wait_until":{"type":"string","description":"Terraform apply will wait until the specified field that is populated. Defaults to `PROVISIONED`.","description_kind":"markdown","optional":true}},"description_kind":"plain"}},"resource_schemas":{"confluentcloud_environment":{"version":0,"block":{"attributes":{"display_name":{"type":"string","description":"A human-readable name for the Environment.","description_kind":"markdown","required":true},"id":{"type":"string","description_kind":"plain","optional":true,"computed":true}},"description_kind":"plain"}},"confluentcloud_kafka_acl":{"version":0,"block":{"attributes":{"host":{"type":"string","description":"The host for the ACL. Defaults to `*`.","description_kind":"markdown","optional":true},"http_endpoint":{"type":"string","description":"The REST endpoint of the Kafka cluster (e.g., `https://pkc-00000.us-central1.gcp.confluent.cloud:443`).","description_kind":"markdown","required":true},"id":{"type":"string","description_kind":"plain","optional":true,"computed":true},"kafka_cluster":{"type":"string","description":"The Kafka cluster ID (e.g., `cluster-1`).","description_kind":"markdown","required":true},"operation":{"type":"string","description":"The operation type for the ACL.","description_kind":"markdown","required":true},"pattern_type":{"type":"string","description":"The pattern type for the ACL.","description_kind":"markdown","required":true},"permission":{"type":"string","description":"The permission for the ACL.","description_kind":"markdown","required":true},"principal":{"type":"string","description":"The principal for the ACL.","description_kind":"markdown","required":true},"resource_name":{"type":"string","description":"The resource name for the ACL.","description_kind":"markdown","required":true},"resource_type":{"type":"string","description":"The type of the resource.","description_kind":"markdown","required":true}},"block_types":{"credentials":{"nesting_mode":"set","block":{"attributes":{"key":{"type":"string","description":"The Cluster API Key for your Confluent Cloud cluster.","description_kind":"markdown","required":true,"sensitive":true},"secret":{"type":"string","description":"The Cluster API Secret for your Confluent Cloud cluster.","description_kind":"markdown","required":true,"sensitive":true}},"description":"The Cluster API Credentials.","description_kind":"markdown"},"min_items":1,"max_items":1}},"description_kind":"plain"}},"confluentcloud_kafka_cluster":{"version":0,"block":{"attributes":{"availability":{"type":"string","description":"The availability zone configuration of the Kafka cluster.","description_kind":"markdown","required":true},"bootstrap_endpoint":{"type":"string","description":"The bootstrap endpoint used by Kafka clients to connect to the Kafka cluster.","description_kind":"markdown","computed":true},"cloud":{"type":"string","description":"The cloud service provider that runs the Kafka cluster.","description_kind":"markdown","required":true},"display_name":{"type":"string","description":"The name of the Kafka cluster.","description_kind":"markdown","required":true},"http_endpoint":{"type":"string","description":"The REST endpoint of the Kafka cluster.","description_kind":"markdown","computed":true},"id":{"type":"string","description_kind":"plain","optional":true,"computed":true},"region":{"type":"string","description":"The cloud service provider region where the Kafka cluster is running.","description_kind":"markdown","required":true}},"block_types":{"basic":{"nesting_mode":"list","block":{"description_kind":"plain"},"max_items":1},"dedicated":{"nesting_mode":"list","block":{"attributes":{"cku":{"type":"number","description":"The number of Confluent Kafka Units (CKUs) for Dedicated cluster types. MULTI_ZONE dedicated clusters must have at least two CKUs.","description_kind":"markdown","required":true}},"description_kind":"plain"},"max_items":1},"environment":{"nesting_mode":"list","block":{"attributes":{"id":{"type":"string","description":"The unique identifier for the environment.","description_kind":"markdown","required":true}},"description":"Environment objects represent an isolated namespace for your Confluent resources for organizational purposes.","description_kind":"markdown"},"min_items":1,"max_items":1},"standard":{"nesting_mode":"list","block":{"description_kind":"plain"},"max_items":1}},"description_kind":"plain"}},"confluentcloud_kafka_topic":{"version":0,"block":{"attributes":{"config":{"type":["map","string"],"description":"The custom topic configurations to set (e.g., `\"cleanup.policy\" = \"compact\"`).","description_kind":"markdown","optional":true},"http_endpoint":{"type":"string","description":"The REST endpoint of the Kafka cluster.","description_kind":"markdown","required":true},"id":{"type":"string","description_kind":"plain","optional":true,"computed":true},"kafka_cluster":{"type":"string","description":"The Kafka cluster ID (e.g., `cluster-1`).","description_kind":"markdown","required":true},"partitions_count":{"type":"number","description":"The number of partitions to create in the topic. Defaults to `6`.","description_kind":"markdown","optional":true},"topic_name":{"type":"string","description":"The name of the topic.","description_kind":"markdown","required":true}},"block_types":{"credentials":{"nesting_mode":"set","block":{"attributes":{"key":{"type":"string","description":"The Cluster API Key for your Confluent Cloud cluster.","description_kind":"markdown","required":true,"sensitive":true},"secret":{"type":"string","description":"The Cluster API Secret for your Confluent Cloud cluster.","description_kind":"markdown","required":true,"sensitive":true}},"description":"The Cluster API Credentials.","description_kind":"markdown"},"min_items":1,"max_items":1}},"description_kind":"plain"}},"confluentcloud_service_account":{"version":0,"block":{"attributes":{"description":{"type":"string","description":"A free-form description of the Service Account.","description_kind":"markdown","optional":true},"display_name":{"type":"string","description":"A human-readable name for the Service Account.","description_kind":"markdown","required":true},"id":{"type":"string","description_kind":"plain","optional":true,"computed":true}},"description_kind":"plain"}}}}}}
