{"format_version":"0.2","provider_schemas":{"registry.terraform.io/datastax/astra":{"provider":{"version":0,"block":{"attributes":{"token":{"type":"string","description":"Authentication token for Astra API.","description_kind":"markdown","optional":true}},"description_kind":"plain"}},"resource_schemas":{"astra_access_list":{"version":0,"block":{"attributes":{"database_id":{"type":"string","description":"The ID of the Astra database.","description_kind":"markdown","required":true},"id":{"type":"string","description_kind":"plain","optional":true,"computed":true}},"block_types":{"addresses":{"nesting_mode":"list","block":{"block_types":{"request":{"nesting_mode":"set","block":{"attributes":{"address":{"type":"string","description":"Address","description_kind":"markdown","required":true},"description":{"type":"string","description":"Description","description_kind":"markdown","optional":true},"enabled":{"type":"bool","description":"Description","description_kind":"markdown","required":true}},"description_kind":"plain"},"min_items":1}},"description":"List of address requests that should have access to database endpoints.","description_kind":"markdown"},"min_items":1}},"description":"`astra_access_list` resource represents a database access list, used to limit the ip's / CIDR groups that have access to a database.","description_kind":"markdown"}},"astra_database":{"version":0,"block":{"attributes":{"additional_keyspaces":{"type":["list","string"],"description":"The total_storage","description_kind":"markdown","computed":true},"cloud_provider":{"type":"string","description":"The cloud provider to launch the database.","description_kind":"markdown","required":true},"cqlsh_url":{"type":"string","description":"The cqlsh_url","description_kind":"markdown","computed":true},"data_endpoint_url":{"type":"string","description":"The data_endpoint_url","description_kind":"markdown","computed":true},"grafana_url":{"type":"string","description":"The grafana_url","description_kind":"markdown","computed":true},"graphql_url":{"type":"string","description":"The graphql_url","description_kind":"markdown","computed":true},"id":{"type":"string","description_kind":"plain","optional":true,"computed":true},"keyspace":{"type":"string","description":"keyspace","description_kind":"markdown","required":true},"name":{"type":"string","description":"Astra database name.","description_kind":"markdown","required":true},"node_count":{"type":"number","description":"The node_count","description_kind":"markdown","computed":true},"organization_id":{"type":"string","description":"The org id.","description_kind":"markdown","computed":true},"owner_id":{"type":"string","description":"The owner id.","description_kind":"markdown","computed":true},"region":{"type":"string","description":"Cloud region to launch the database.","description_kind":"markdown","required":true},"replication_factor":{"type":"number","description":"The replication_factor","description_kind":"markdown","computed":true},"status":{"type":"string","description":"The status","description_kind":"markdown","computed":true},"total_storage":{"type":"number","description":"The total_storage","description_kind":"markdown","computed":true}},"block_types":{"timeouts":{"nesting_mode":"single","block":{"attributes":{"create":{"type":"string","description_kind":"plain","optional":true},"read":{"type":"string","description_kind":"plain","optional":true}},"description_kind":"plain"}}},"description":"`astra_database` provides an Astra Serverless Database resource. You can create and delete databases. Note: Classic Tier databases are not supported by the Terraform provider.","description_kind":"markdown"}},"astra_keyspace":{"version":0,"block":{"attributes":{"database_id":{"type":"string","description":"Astra database to create the keyspace.","description_kind":"markdown","required":true},"id":{"type":"string","description_kind":"plain","optional":true,"computed":true},"name":{"type":"string","description":"Keyspace name can have up to 48 alpha-numeric characters and contain underscores; only letters and numbers are supported as the first character.","description_kind":"markdown","required":true}},"description":"`astra_keyspace` provides a keyspace resource. Keyspaces are groupings of tables for Cassandra. `astra_keyspace` resources are associated with a database id. You can have multiple keyspaces per DB in addition to the default keyspace provided in the `astra_database` resource.","description_kind":"markdown"}},"astra_private_link":{"version":0,"block":{"attributes":{"allowed_principals":{"type":["list","string"],"description":"List of service principals to apply to the Private Link (i.e. arn:aws:iam::123456789012:role/admin).","description_kind":"markdown","required":true},"database_id":{"type":"string","description":"Astra database where private link will be enabled.","description_kind":"markdown","required":true},"datacenter_id":{"type":"string","description":"Astra datacenter in the region where the private link will be created.","description_kind":"markdown","required":true},"id":{"type":"string","description_kind":"plain","optional":true,"computed":true},"service_name":{"type":"string","description":"Name of the endpoint service for private link generated by the cloud provider.","description_kind":"markdown","computed":true}},"description":"`astra_private_link` provides a private link resource. Private Link is a private network endpoint that can be created to connect from your vpc to Astra without using a pulically routable IP address. `astra_private_link` resources are associated with a database id. Currently GCP databases are not supported for private link. Once the private_link resource is created in Astra it must be linked to an endpoint within your vpc, use `astra_private_link_endpoint` to do this.","description_kind":"markdown"}},"astra_private_link_endpoint":{"version":0,"block":{"attributes":{"database_id":{"type":"string","description":"The ID of the Astra database.","description_kind":"markdown","required":true},"datacenter_id":{"type":"string","description":"Astra datacenter in the region where the private link will be created.","description_kind":"markdown","required":true},"endpoint_id":{"type":"string","description":"Endpoint created in your cloud provider account example: \"vpce-svc-1148ea04af8675309\"","description_kind":"markdown","required":true},"id":{"type":"string","description_kind":"plain","optional":true,"computed":true}},"description":"`astra_private_link_endpoint` completes the creation of a private link endpoint by associating it with your endpoint.","description_kind":"markdown"}},"astra_role":{"version":0,"block":{"attributes":{"description":{"type":"string","description":"Role description","description_kind":"markdown","required":true},"effect":{"type":"string","description":"Role effect","description_kind":"markdown","required":true},"id":{"type":"string","description_kind":"plain","optional":true,"computed":true},"policy":{"type":["list","string"],"description":"List of policies for the role.","description_kind":"markdown","required":true},"resources":{"type":["list","string"],"description":"Resources for which role is applicable","description_kind":"markdown","required":true},"role_id":{"type":"string","description":"Role ID, system generated","description_kind":"markdown","computed":true},"role_name":{"type":"string","description":"Role name","description_kind":"markdown","required":true}},"description":"`astra_role` resource represents custom roles for a particular Astra Org. Custom roles can be assigned to an Astra user is to grant them granular permissions when the default roles in the UI are not specific enough. Roles are composed of policies which are granted to resources.","description_kind":"markdown"}},"astra_token":{"version":0,"block":{"attributes":{"client_id":{"type":"string","description":"Client id, use as username in cql to connect","description_kind":"markdown","computed":true},"id":{"type":"string","description_kind":"plain","optional":true,"computed":true},"roles":{"type":["list","string"],"description":"Roles for generated token","description_kind":"markdown","required":true},"secret":{"type":"string","description":"Secret, use as password in cql to connect","description_kind":"markdown","computed":true},"token":{"type":"string","description":"Token, use as auth bearer for API calls or as password in combination with the word `token` in cql","description_kind":"markdown","computed":true}},"description":"`astra_token` resource represents a token with a specific role assigned.","description_kind":"markdown"}}},"data_source_schemas":{"astra_access_list":{"version":0,"block":{"attributes":{"database_id":{"type":"string","description":"The ID of the Astra database.","description_kind":"markdown","required":true},"id":{"type":"string","description_kind":"plain","optional":true,"computed":true},"results":{"type":["list",["object",{"addresses":["list","string"],"datacenter_id":"string","enabled":"string","organization_id":"string"}]],"description":"The list of private links that match the search criteria.","description_kind":"markdown","computed":true}},"description":"`astra_access_list` provides a datasource that lists the access lists for an Astra database.","description_kind":"markdown"}},"astra_available_regions":{"version":0,"block":{"attributes":{"id":{"type":"string","description_kind":"plain","optional":true,"computed":true},"results":{"type":["list",["object",{"cloud_provider":"string","display_name":"string","region":"string","zone":"string"}]],"description":"The list of supported Astra regions by cloud provider and tier.","description_kind":"markdown","computed":true}},"description":"Retrieve a list of available cloud regions in Astra","description_kind":"markdown"}},"astra_database":{"version":0,"block":{"attributes":{"additional_keyspaces":{"type":["list","string"],"description":"Additional keyspaces","description_kind":"markdown","computed":true},"cloud_provider":{"type":"string","description":"Cloud provider (AWS, GCP, AZURE)","description_kind":"markdown","computed":true},"cqlsh_url":{"type":"string","description":"URL for cqlsh web","description_kind":"markdown","computed":true},"data_endpoint_url":{"type":"string","description":"REST API URL","description_kind":"markdown","computed":true},"database_id":{"type":"string","description":"Astra Database ID (system generated)","description_kind":"markdown","required":true},"grafana_url":{"type":"string","description":"URL for the grafana dashboard for this database","description_kind":"markdown","computed":true},"graphql_url":{"type":"string","description":"Graphql URL","description_kind":"markdown","computed":true},"id":{"type":"string","description_kind":"plain","optional":true,"computed":true},"keyspace":{"type":"string","description":"Initial keyspace","description_kind":"markdown","computed":true},"name":{"type":"string","description":"Database name (user provided)","description_kind":"markdown","computed":true},"node_count":{"type":"number","description":"Node count (not relevant for serverless databases)","description_kind":"markdown","computed":true},"organization_id":{"type":"string","description":"Ordg id (system generated)","description_kind":"markdown","computed":true},"owner_id":{"type":"string","description":"Owner id (system generated)","description_kind":"markdown","computed":true},"region":{"type":"string","description":"Cloud provider region. Get list of supported regions from regions data-source","description_kind":"markdown","computed":true},"replication_factor":{"type":"number","description":"Replication Factor (not relevant for serverless databases)","description_kind":"markdown","computed":true},"status":{"type":"string","description":"Database status","description_kind":"markdown","computed":true},"total_storage":{"type":"number","description":"Storage Capacity (not relevant for serverelss databases)","description_kind":"markdown","computed":true}},"description":"`astra_database` provides a datasource for Astra an Astra database. This can be used to select an existing database within your Astra Organization.","description_kind":"markdown"}},"astra_databases":{"version":0,"block":{"attributes":{"cloud_provider":{"type":"string","description":"The cloud provider","description_kind":"markdown","optional":true},"id":{"type":"string","description_kind":"plain","optional":true,"computed":true},"results":{"type":["list",["object",{"additional_keyspaces":["list","string"],"cloud_provider":"string","cqlsh_url":"string","data_endpoint_url":"string","grafana_url":"string","graphql_url":"string","id":"string","keyspace":"string","name":"string","node_count":"number","organization_id":"string","owner_id":"string","region":"string","replication_factor":"number","status":"string","total_storage":"number"}]],"description":"The list of Astra databases that match the search criteria.","description_kind":"markdown","computed":true},"status":{"type":"string","description":"The list of Astra databases that match the search criteria.","description_kind":"markdown","optional":true}},"description":"`astra_databases` provides a datasource for a list of Astra databases. This can be used to select databases within your Astra Organization.","description_kind":"markdown"}},"astra_keyspace":{"version":0,"block":{"attributes":{"database_id":{"type":"string","description":"The ID of the Astra database.","description_kind":"markdown","required":true},"id":{"type":"string","description_kind":"plain","optional":true,"computed":true},"name":{"type":"string","description":"The keyspace name.","description_kind":"markdown","required":true}},"description":"`astra_keyspace` provides a datasource for a particular keyspace. See `astra_keyspaces` if you're looking to fetch all the keyspaces for a particular database.","description_kind":"markdown"}},"astra_keyspaces":{"version":0,"block":{"attributes":{"database_id":{"type":"string","description":"The ID of the Astra database.","description_kind":"markdown","required":true},"id":{"type":"string","description_kind":"plain","optional":true,"computed":true},"results":{"type":["list",["object",{"name":"string"}]],"description":"The list of keyspaces that match the search criteria.","description_kind":"markdown","computed":true}},"description":"`astra_keyspaces` provides a datasource that lists the keyspaces in an Astra database.","description_kind":"markdown"}},"astra_private_link_endpoints":{"version":0,"block":{"attributes":{"database_id":{"type":"string","description":"The ID of the Astra database.","description_kind":"markdown","required":true},"datacenter_id":{"type":"string","description":"The Datacenter ID of the Astra database.","description_kind":"markdown","required":true},"endpoint_id":{"type":"string","description":"Endpoint ID.","description_kind":"markdown","required":true},"id":{"type":"string","description_kind":"plain","optional":true,"computed":true},"results":{"type":["list",["object",{"create_time":"string","description":"string","endpoint_id":"string","status":"string"}]],"description":"The list of private links that match the search criteria.","description_kind":"markdown","computed":true}},"description":"`astra_private_link_endpoints` provides a datasource that lists the private link endpoints for an Astra database.","description_kind":"markdown"}},"astra_private_links":{"version":0,"block":{"attributes":{"database_id":{"type":"string","description":"The ID of the Astra database.","description_kind":"markdown","required":true},"datacenter_id":{"type":"string","description":"The datacenter where of the Astra database.","description_kind":"markdown","required":true},"id":{"type":"string","description_kind":"plain","optional":true,"computed":true},"results":{"type":["list",["object",{"allowed_principals":["list","string"],"datacenter_id":"string","endpoints":["list","string"],"service_name":"string"}]],"description":"The list of private links that match the search criteria.","description_kind":"markdown","computed":true}},"description":"`astra_private_links` provides a datasource that lists the private links in an Astra database.","description_kind":"markdown"}},"astra_role":{"version":0,"block":{"attributes":{"id":{"type":"string","description_kind":"plain","optional":true,"computed":true},"results":{"type":["list",["object",{"description":"string","effect":"string","policy":["list","string"],"resources":["list","string"],"role_name":"string"}]],"description":"The list of private links that match the search criteria.","description_kind":"markdown","computed":true},"role_id":{"type":"string","description":"Role ID, system generated","description_kind":"markdown","required":true}},"description":"`astra_role` provides a datasource that lists the custom roles for an org.","description_kind":"markdown"}},"astra_secure_connect_bundle_url":{"version":0,"block":{"attributes":{"database_id":{"type":"string","description":"The ID of the Astra database.","description_kind":"markdown","required":true},"id":{"type":"string","description_kind":"plain","optional":true,"computed":true},"url":{"type":"string","description":"The temporary download url to the secure connect bundle zip file.","description_kind":"markdown","computed":true}},"description":"`astra_secure_connect_bundle_url` provides a datasource that generates a temporary secure connect bundle URL. This URL lasts five minutes. Secure connect bundles are used to connect to Astra using cql cassandra drivers. See the [docs](https://docs.datastax.com/en/astra/docs/connecting-to-database.html) for more information on how to connect.","description_kind":"markdown"}}}}}}
