{"format_version":"0.2","provider_schemas":{"registry.terraform.io/dome9/dome9":{"provider":{"version":0,"block":{"attributes":{"base_url":{"type":"string","description":"dome9 base url","description_kind":"plain","optional":true},"dome9_access_id":{"type":"string","description":"dome9 access id","description_kind":"plain","required":true},"dome9_secret_key":{"type":"string","description":"dome9 api secret","description_kind":"plain","required":true,"sensitive":true}},"description_kind":"plain"}},"resource_schemas":{"dome9_attach_iam_safe":{"version":0,"block":{"attributes":{"aws_cloud_account_id":{"type":"string","description_kind":"plain","required":true},"aws_group_arn":{"type":"string","description_kind":"plain","required":true},"aws_policy_arn":{"type":"string","description_kind":"plain","required":true},"id":{"type":"string","description_kind":"plain","optional":true,"computed":true},"mode":{"type":"string","description_kind":"plain","computed":true}},"description_kind":"plain"}},"dome9_aws_security_group":{"version":0,"block":{"attributes":{"aws_region_id":{"type":"string","description_kind":"plain","optional":true},"cloud_account_name":{"type":"string","description_kind":"plain","computed":true},"description":{"type":"string","description_kind":"plain","optional":true},"dome9_cloud_account_id":{"type":"string","description_kind":"plain","required":true},"dome9_security_group_name":{"type":"string","description_kind":"plain","required":true},"external_id":{"type":"string","description_kind":"plain","computed":true},"id":{"type":"string","description_kind":"plain","optional":true,"computed":true},"is_protected":{"type":"bool","description_kind":"plain","optional":true,"computed":true},"tags":{"type":["map","string"],"description_kind":"plain","optional":true},"vpc_id":{"type":"string","description_kind":"plain","optional":true,"computed":true},"vpc_name":{"type":"string","description_kind":"plain","optional":true,"computed":true}},"block_types":{"services":{"nesting_mode":"set","block":{"block_types":{"inbound":{"nesting_mode":"set","block":{"attributes":{"description":{"type":"string","description_kind":"plain","optional":true},"name":{"type":"string","description_kind":"plain","optional":true},"open_for_all":{"type":"bool","description_kind":"plain","optional":true},"port":{"type":"string","description_kind":"plain","optional":true},"protocol_type":{"type":"string","description_kind":"plain","optional":true}},"block_types":{"scope":{"nesting_mode":"set","block":{"attributes":{"data":{"type":["map","string"],"description_kind":"plain","required":true},"type":{"type":"string","description_kind":"plain","required":true}},"description_kind":"plain"}}},"description_kind":"plain"}},"outbound":{"nesting_mode":"set","block":{"attributes":{"description":{"type":"string","description_kind":"plain","optional":true},"name":{"type":"string","description_kind":"plain","optional":true},"open_for_all":{"type":"bool","description_kind":"plain","optional":true},"port":{"type":"string","description_kind":"plain","optional":true},"protocol_type":{"type":"string","description_kind":"plain","optional":true}},"block_types":{"scope":{"nesting_mode":"set","block":{"attributes":{"data":{"type":["map","string"],"description_kind":"plain","optional":true},"type":{"type":"string","description_kind":"plain","optional":true}},"description_kind":"plain"}}},"description_kind":"plain"}}},"description_kind":"plain"}}},"description_kind":"plain"}},"dome9_azure_security_group":{"version":0,"block":{"attributes":{"cloud_account_name":{"type":"string","description_kind":"plain","computed":true},"description":{"type":"string","description_kind":"plain","optional":true},"dome9_cloud_account_id":{"type":"string","description_kind":"plain","required":true},"dome9_security_group_name":{"type":"string","description_kind":"plain","required":true},"external_security_group_id":{"type":"string","description_kind":"plain","computed":true},"id":{"type":"string","description_kind":"plain","optional":true,"computed":true},"is_tamper_protected":{"type":"bool","description_kind":"plain","optional":true},"last_updated_by_dome9":{"type":"string","description_kind":"plain","computed":true},"region":{"type":"string","description_kind":"plain","required":true},"resource_group":{"type":"string","description_kind":"plain","required":true}},"block_types":{"inbound":{"nesting_mode":"list","block":{"attributes":{"access":{"type":"string","description_kind":"plain","optional":true},"description":{"type":"string","description_kind":"plain","optional":true},"destination_port_ranges":{"type":["list","string"],"description_kind":"plain","required":true},"direction":{"type":"string","description_kind":"plain","computed":true},"is_default":{"type":"bool","description_kind":"plain","optional":true},"name":{"type":"string","description_kind":"plain","required":true},"priority":{"type":"number","description_kind":"plain","required":true},"protocol":{"type":"string","description_kind":"plain","required":true},"source_port_ranges":{"type":["list","string"],"description_kind":"plain","required":true}},"block_types":{"destination_scopes":{"nesting_mode":"list","block":{"attributes":{"data":{"type":["map","string"],"description_kind":"plain","required":true},"type":{"type":"string","description_kind":"plain","required":true}},"description_kind":"plain"},"min_items":1},"source_scopes":{"nesting_mode":"list","block":{"attributes":{"data":{"type":["map","string"],"description_kind":"plain","required":true},"type":{"type":"string","description_kind":"plain","required":true}},"description_kind":"plain"},"min_items":1}},"description_kind":"plain"}},"outbound":{"nesting_mode":"list","block":{"attributes":{"access":{"type":"string","description_kind":"plain","optional":true},"description":{"type":"string","description_kind":"plain","optional":true},"destination_port_ranges":{"type":["list","string"],"description_kind":"plain","required":true},"direction":{"type":"string","description_kind":"plain","computed":true},"is_default":{"type":"bool","description_kind":"plain","optional":true},"name":{"type":"string","description_kind":"plain","required":true},"priority":{"type":"number","description_kind":"plain","required":true},"protocol":{"type":"string","description_kind":"plain","required":true},"source_port_ranges":{"type":["list","string"],"description_kind":"plain","required":true}},"block_types":{"destination_scopes":{"nesting_mode":"list","block":{"attributes":{"data":{"type":["map","string"],"description_kind":"plain","required":true},"type":{"type":"string","description_kind":"plain","required":true}},"description_kind":"plain"},"min_items":1},"source_scopes":{"nesting_mode":"list","block":{"attributes":{"data":{"type":["map","string"],"description_kind":"plain","required":true},"type":{"type":"string","description_kind":"plain","required":true}},"description_kind":"plain"},"min_items":1}},"description_kind":"plain"}},"tags":{"nesting_mode":"list","block":{"attributes":{"key":{"type":"string","description_kind":"plain","required":true},"value":{"type":"string","description_kind":"plain","required":true}},"description_kind":"plain"}}},"description_kind":"plain"}},"dome9_cloud_security_group_rule":{"version":0,"block":{"attributes":{"dome9_security_group_id":{"type":"string","description_kind":"plain","required":true},"id":{"type":"string","description_kind":"plain","optional":true,"computed":true}},"block_types":{"services":{"nesting_mode":"set","block":{"block_types":{"inbound":{"nesting_mode":"set","block":{"attributes":{"description":{"type":"string","description_kind":"plain","optional":true},"name":{"type":"string","description_kind":"plain","optional":true},"open_for_all":{"type":"bool","description_kind":"plain","optional":true},"port":{"type":"string","description_kind":"plain","optional":true},"protocol_type":{"type":"string","description_kind":"plain","optional":true}},"block_types":{"scope":{"nesting_mode":"set","block":{"attributes":{"data":{"type":["map","string"],"description_kind":"plain","required":true},"type":{"type":"string","description_kind":"plain","required":true}},"description_kind":"plain"}}},"description_kind":"plain"}},"outbound":{"nesting_mode":"set","block":{"attributes":{"description":{"type":"string","description_kind":"plain","optional":true},"name":{"type":"string","description_kind":"plain","optional":true},"open_for_all":{"type":"bool","description_kind":"plain","optional":true},"port":{"type":"string","description_kind":"plain","optional":true},"protocol_type":{"type":"string","description_kind":"plain","optional":true}},"block_types":{"scope":{"nesting_mode":"set","block":{"attributes":{"data":{"type":["map","string"],"description_kind":"plain","optional":true},"type":{"type":"string","description_kind":"plain","optional":true}},"description_kind":"plain"}}},"description_kind":"plain"}}},"description_kind":"plain"}}},"description_kind":"plain"}},"dome9_cloudaccount_aws":{"version":0,"block":{"attributes":{"allow_read_only":{"type":"bool","description_kind":"plain","computed":true},"creation_date":{"type":"string","description_kind":"plain","computed":true},"external_account_number":{"type":"string","description_kind":"plain","computed":true},"full_protection":{"type":"bool","description_kind":"plain","computed":true},"iam_safe":{"type":["set",["object",{"aws_group_arn":"string","aws_policy_arn":"string","mode":"string","restricted_iam_entities":["set",["object",{"roles_arns":["list","string"],"users_arns":["list","string"]}]]}]],"description_kind":"plain","computed":true},"id":{"type":"string","description_kind":"plain","optional":true,"computed":true},"is_fetching_suspended":{"type":"bool","description_kind":"plain","computed":true},"name":{"type":"string","description_kind":"plain","required":true},"organizational_unit_id":{"type":"string","description_kind":"plain","optional":true},"vendor":{"type":"string","description_kind":"plain","optional":true}},"block_types":{"credentials":{"nesting_mode":"list","block":{"attributes":{"api_key":{"type":"string","description_kind":"plain","optional":true},"arn":{"type":"string","description_kind":"plain","optional":true},"iam_user":{"type":"string","description_kind":"plain","optional":true},"is_read_only":{"type":"bool","description_kind":"plain","computed":true},"secret":{"type":"string","description_kind":"plain","required":true,"sensitive":true},"type":{"type":"string","description":"The cloud account onboarding method. Should be set to 'RoleBased' for aws and 'UserBased' for awsGov and awsChina","description_kind":"plain","required":true}},"description_kind":"plain"},"min_items":1,"max_items":1},"net_sec":{"nesting_mode":"list","block":{"block_types":{"regions":{"nesting_mode":"list","block":{"attributes":{"hidden":{"type":"bool","description_kind":"plain","computed":true},"name":{"type":"string","description_kind":"plain","computed":true},"new_group_behavior":{"type":"string","description_kind":"plain","optional":true,"computed":true},"region":{"type":"string","description_kind":"plain","required":true}},"description_kind":"plain"},"min_items":1}},"description_kind":"plain"},"max_items":1}},"description_kind":"plain"}},"dome9_cloudaccount_azure":{"version":0,"block":{"attributes":{"client_id":{"type":"string","description_kind":"plain","required":true},"client_password":{"type":"string","description_kind":"plain","required":true,"sensitive":true},"creation_date":{"type":"string","description_kind":"plain","computed":true},"id":{"type":"string","description_kind":"plain","optional":true,"computed":true},"name":{"type":"string","description_kind":"plain","required":true},"operation_mode":{"type":"string","description_kind":"plain","required":true},"organizational_unit_id":{"type":"string","description_kind":"plain","optional":true},"organizational_unit_name":{"type":"string","description_kind":"plain","computed":true},"organizational_unit_path":{"type":"string","description_kind":"plain","computed":true},"subscription_id":{"type":"string","description_kind":"plain","required":true},"tenant_id":{"type":"string","description_kind":"plain","required":true},"vendor":{"type":"string","description_kind":"plain","computed":true}},"description_kind":"plain"}},"dome9_cloudaccount_gcp":{"version":0,"block":{"attributes":{"client_email":{"type":"string","description_kind":"plain","required":true},"client_id":{"type":"string","description_kind":"plain","required":true},"client_x509_cert_url":{"type":"string","description_kind":"plain","required":true},"domain_name":{"type":"string","description_kind":"plain","optional":true},"gsuite_user":{"type":"string","description_kind":"plain","optional":true},"id":{"type":"string","description_kind":"plain","optional":true,"computed":true},"name":{"type":"string","description_kind":"plain","required":true},"organizational_unit_id":{"type":"string","description_kind":"plain","optional":true},"organizational_unit_name":{"type":"string","description_kind":"plain","computed":true},"organizational_unit_path":{"type":"string","description_kind":"plain","computed":true},"private_key":{"type":"string","description_kind":"plain","required":true,"sensitive":true},"private_key_id":{"type":"string","description_kind":"plain","required":true,"sensitive":true},"project_id":{"type":"string","description_kind":"plain","required":true},"vendor":{"type":"string","description_kind":"plain","computed":true}},"description_kind":"plain"}},"dome9_cloudaccount_kubernetes":{"version":0,"block":{"attributes":{"cluster_version":{"type":"string","description_kind":"plain","computed":true},"creation_date":{"type":"string","description_kind":"plain","computed":true},"id":{"type":"string","description_kind":"plain","optional":true,"computed":true},"name":{"type":"string","description_kind":"plain","required":true},"organizational_unit_id":{"type":"string","description_kind":"plain","optional":true},"organizational_unit_name":{"type":"string","description_kind":"plain","computed":true},"organizational_unit_path":{"type":"string","description_kind":"plain","computed":true},"vendor":{"type":"string","description_kind":"plain","computed":true}},"block_types":{"admission_control":{"nesting_mode":"list","block":{"attributes":{"enabled":{"type":"bool","description_kind":"plain","required":true}},"description_kind":"plain"},"max_items":1},"image_assurance":{"nesting_mode":"list","block":{"attributes":{"enabled":{"type":"bool","description_kind":"plain","required":true}},"description_kind":"plain"},"max_items":1},"runtime_protection":{"nesting_mode":"list","block":{"attributes":{"enabled":{"type":"bool","description_kind":"plain","required":true}},"description_kind":"plain"},"max_items":1}},"description_kind":"plain"}},"dome9_continuous_compliance_notification":{"version":0,"block":{"attributes":{"alerts_console":{"type":"bool","description_kind":"plain","optional":true,"computed":true},"description":{"type":"string","description_kind":"plain","optional":true,"computed":true},"id":{"type":"string","description_kind":"plain","optional":true,"computed":true},"name":{"type":"string","description_kind":"plain","required":true}},"block_types":{"change_detection":{"nesting_mode":"set","block":{"attributes":{"aws_security_hub_integration_state":{"type":"string","description_kind":"plain","optional":true},"email_per_finding_sending_state":{"type":"string","description_kind":"plain","optional":true},"email_sending_state":{"type":"string","description_kind":"plain","optional":true},"external_ticket_creating_state":{"type":"string","description_kind":"plain","optional":true},"sns_sending_state":{"type":"string","description_kind":"plain","optional":true},"webhook_integration_state":{"type":"string","description_kind":"plain","optional":true}},"block_types":{"aws_security_hub_integration":{"nesting_mode":"set","block":{"attributes":{"external_account_id":{"type":"string","description_kind":"plain","required":true},"region":{"type":"string","description_kind":"plain","required":true}},"description_kind":"plain"}},"email_data":{"nesting_mode":"set","block":{"attributes":{"recipients":{"type":["list","string"],"description_kind":"plain","required":true}},"description_kind":"plain"}},"email_per_finding_data":{"nesting_mode":"set","block":{"attributes":{"notification_output_format":{"type":"string","description_kind":"plain","optional":true},"recipients":{"type":["list","string"],"description_kind":"plain","required":true}},"description_kind":"plain"}},"sns_data":{"nesting_mode":"set","block":{"attributes":{"sns_output_format":{"type":"string","description_kind":"plain","required":true},"sns_topic_arn":{"type":"string","description_kind":"plain","required":true}},"description_kind":"plain"}},"ticketing_system_data":{"nesting_mode":"set","block":{"attributes":{"domain":{"type":"string","description_kind":"plain","optional":true,"computed":true},"issue_type":{"type":"string","description_kind":"plain","optional":true,"computed":true},"pass":{"type":"string","description_kind":"plain","required":true},"project_key":{"type":"string","description_kind":"plain","optional":true,"computed":true},"should_close_tickets":{"type":"bool","description_kind":"plain","optional":true},"system_type":{"type":"string","description_kind":"plain","optional":true},"user":{"type":"string","description_kind":"plain","optional":true,"computed":true}},"description_kind":"plain"}},"webhook_data":{"nesting_mode":"set","block":{"attributes":{"auth_method":{"type":"string","description_kind":"plain","optional":true},"format_type":{"type":"string","description_kind":"plain","optional":true},"http_method":{"type":"string","description_kind":"plain","optional":true},"password":{"type":"string","description_kind":"plain","optional":true,"computed":true},"url":{"type":"string","description_kind":"plain","required":true},"username":{"type":"string","description_kind":"plain","optional":true,"computed":true}},"description_kind":"plain"}}},"description_kind":"plain"},"min_items":1},"gcp_security_command_center_integration":{"nesting_mode":"set","block":{"attributes":{"project_id":{"type":"string","description_kind":"plain","optional":true,"computed":true},"source_id":{"type":"string","description_kind":"plain","optional":true,"computed":true},"state":{"type":"string","description_kind":"plain","optional":true}},"description_kind":"plain"}},"scheduled_report":{"nesting_mode":"set","block":{"attributes":{"email_sending_state":{"type":"string","description_kind":"plain","optional":true}},"block_types":{"schedule_data":{"nesting_mode":"set","block":{"attributes":{"cron_expression":{"type":"string","description_kind":"plain","required":true},"recipients":{"type":["list","string"],"description_kind":"plain","required":true},"type":{"type":"string","description_kind":"plain","required":true}},"description_kind":"plain"}}},"description_kind":"plain"}}},"description_kind":"plain"}},"dome9_continuous_compliance_policy":{"version":0,"block":{"attributes":{"id":{"type":"string","description_kind":"plain","optional":true,"computed":true},"notification_ids":{"type":["list","string"],"description_kind":"plain","required":true},"ruleset_id":{"type":"number","description_kind":"plain","optional":true},"target_id":{"type":"string","description_kind":"plain","required":true},"target_type":{"type":"string","description_kind":"plain","required":true}},"description_kind":"plain"}},"dome9_iam_safe_entity":{"version":0,"block":{"attributes":{"arn":{"type":"string","description_kind":"plain","computed":true},"attached_dome9_users":{"type":["list","string"],"description_kind":"plain","computed":true},"aws_cloud_account_id":{"type":"string","description_kind":"plain","required":true},"dome9_users_id_to_protect":{"type":["list","string"],"description_kind":"plain","optional":true},"entity_name":{"type":"string","description_kind":"plain","required":true},"entity_type":{"type":"string","description_kind":"plain","required":true},"exists_in_aws":{"type":"bool","description_kind":"plain","computed":true},"id":{"type":"string","description_kind":"plain","optional":true,"computed":true},"protection_mode":{"type":"string","description_kind":"plain","required":true},"state":{"type":"string","description_kind":"plain","computed":true}},"description_kind":"plain"}},"dome9_iplist":{"version":0,"block":{"attributes":{"description":{"type":"string","description_kind":"plain","optional":true,"computed":true},"id":{"type":"string","description_kind":"plain","optional":true,"computed":true},"name":{"type":"string","description_kind":"plain","required":true}},"block_types":{"items":{"nesting_mode":"list","block":{"attributes":{"comment":{"type":"string","description_kind":"plain","optional":true},"ip":{"type":"string","description_kind":"plain","optional":true}},"description_kind":"plain"}}},"description_kind":"plain"}},"dome9_organizational_unit":{"version":0,"block":{"attributes":{"account_id":{"type":"string","description_kind":"plain","computed":true},"aws_aggregate_cloud_accounts_count":{"type":"number","description_kind":"plain","computed":true},"aws_cloud_accounts_count":{"type":"number","description_kind":"plain","computed":true},"azure_aggregate_cloud_accounts_count":{"type":"number","description_kind":"plain","computed":true},"azure_cloud_accounts_count":{"type":"number","description_kind":"plain","computed":true},"created":{"type":"string","description_kind":"plain","computed":true},"google_aggregate_cloud_accounts_count":{"type":"number","description_kind":"plain","computed":true},"google_cloud_accounts_count":{"type":"number","description_kind":"plain","computed":true},"id":{"type":"string","description_kind":"plain","optional":true,"computed":true},"is_parent_root":{"type":"bool","description_kind":"plain","computed":true},"is_root":{"type":"bool","description_kind":"plain","computed":true},"name":{"type":"string","description_kind":"plain","required":true},"parent_id":{"type":"string","description_kind":"plain","optional":true},"path":{"type":"string","description_kind":"plain","computed":true},"path_str":{"type":"string","description_kind":"plain","computed":true},"sub_organizational_units_count":{"type":"number","description_kind":"plain","computed":true},"updated":{"type":"string","description_kind":"plain","computed":true}},"description_kind":"plain"}},"dome9_role":{"version":0,"block":{"attributes":{"create":{"type":["list","string"],"description_kind":"plain","optional":true},"cross_account_access":{"type":["list","string"],"description_kind":"plain","optional":true},"description":{"type":"string","description_kind":"plain","required":true},"id":{"type":"string","description_kind":"plain","optional":true,"computed":true},"name":{"type":"string","description_kind":"plain","required":true},"permit_alert_actions":{"type":"bool","description_kind":"plain","optional":true},"permit_notifications":{"type":"bool","description_kind":"plain","optional":true},"permit_on_boarding":{"type":"bool","description_kind":"plain","optional":true},"permit_policies":{"type":"bool","description_kind":"plain","optional":true},"permit_rulesets":{"type":"bool","description_kind":"plain","optional":true}},"block_types":{"access":{"nesting_mode":"list","block":{"attributes":{"main_id":{"type":"string","description_kind":"plain","optional":true},"region":{"type":"string","description_kind":"plain","optional":true},"security_group_id":{"type":"string","description_kind":"plain","optional":true},"traffic":{"type":"string","description_kind":"plain","optional":true},"type":{"type":"string","description_kind":"plain","optional":true}},"description_kind":"plain"}},"manage":{"nesting_mode":"list","block":{"attributes":{"main_id":{"type":"string","description_kind":"plain","optional":true},"region":{"type":"string","description_kind":"plain","optional":true},"security_group_id":{"type":"string","description_kind":"plain","optional":true},"traffic":{"type":"string","description_kind":"plain","optional":true},"type":{"type":"string","description_kind":"plain","optional":true}},"description_kind":"plain"}},"view":{"nesting_mode":"list","block":{"attributes":{"main_id":{"type":"string","description_kind":"plain","optional":true},"region":{"type":"string","description_kind":"plain","optional":true},"security_group_id":{"type":"string","description_kind":"plain","optional":true},"traffic":{"type":"string","description_kind":"plain","optional":true},"type":{"type":"string","description_kind":"plain","optional":true}},"description_kind":"plain"}}},"description_kind":"plain"}},"dome9_ruleset":{"version":0,"block":{"attributes":{"cloud_vendor":{"type":"string","description_kind":"plain","required":true},"created_time":{"type":"string","description_kind":"plain","computed":true},"description":{"type":"string","description_kind":"plain","optional":true},"hide_in_compliance":{"type":"bool","description_kind":"plain","required":true},"id":{"type":"string","description_kind":"plain","optional":true,"computed":true},"is_template":{"type":"bool","description_kind":"plain","optional":true},"language":{"type":"string","description_kind":"plain","required":true},"min_feature_tier":{"type":"string","description_kind":"plain","computed":true},"name":{"type":"string","description_kind":"plain","required":true},"updated_time":{"type":"string","description_kind":"plain","computed":true}},"block_types":{"rules":{"nesting_mode":"list","block":{"attributes":{"compliance_tag":{"type":"string","description_kind":"plain","optional":true},"control_title":{"type":"string","description_kind":"plain","optional":true},"description":{"type":"string","description_kind":"plain","optional":true},"domain":{"type":"string","description_kind":"plain","optional":true},"is_default":{"type":"bool","description_kind":"plain","optional":true},"logic":{"type":"string","description_kind":"plain","optional":true},"logic_hash":{"type":"string","description_kind":"plain","computed":true},"name":{"type":"string","description_kind":"plain","optional":true},"priority":{"type":"string","description_kind":"plain","optional":true},"remediation":{"type":"string","description_kind":"plain","optional":true},"rule_id":{"type":"string","description_kind":"plain","optional":true},"severity":{"type":"string","description_kind":"plain","optional":true}},"description_kind":"plain"}}},"description_kind":"plain"}},"dome9_service_account":{"version":0,"block":{"attributes":{"api_key_id":{"type":"string","description_kind":"plain","computed":true},"api_key_secret":{"type":"string","description_kind":"plain","computed":true},"id":{"type":"string","description_kind":"plain","optional":true,"computed":true},"name":{"type":"string","description_kind":"plain","required":true},"role_ids":{"type":["set","number"],"description_kind":"plain","required":true}},"description_kind":"plain"}},"dome9_user":{"version":0,"block":{"attributes":{"can_switch_role":{"type":"bool","description_kind":"plain","computed":true},"create":{"type":["list","string"],"description_kind":"plain","optional":true},"cross_account_access":{"type":["list","string"],"description_kind":"plain","optional":true},"email":{"type":"string","description_kind":"plain","required":true},"first_name":{"type":"string","description_kind":"plain","required":true},"has_api_key":{"type":"bool","description_kind":"plain","computed":true},"has_api_key_v1":{"type":"bool","description_kind":"plain","computed":true},"has_api_key_v2":{"type":"bool","description_kind":"plain","computed":true},"iam_safe":{"type":["set",["object",{"cloud_accounts":["list",["object",{"cloud_account_id":"string","cloud_account_state":"string","external_account_number":"string","iam_entities":["list","string"],"iam_entities_last_lease_time":["list",["object",{"iam_entity":"string","last_lease_time":"string"}]],"iam_entity":"string","last_lease_time":"string","name":"string","state":"bool"}]]}]],"description_kind":"plain","computed":true},"id":{"type":"string","description_kind":"plain","optional":true,"computed":true},"is_auditor":{"type":"bool","description_kind":"plain","computed":true},"is_locked":{"type":"bool","description_kind":"plain","computed":true},"is_mfa_enabled":{"type":"bool","description_kind":"plain","computed":true},"is_mobile_device_paired":{"type":"bool","description_kind":"plain","computed":true},"is_owner":{"type":"bool","description_kind":"plain","optional":true,"computed":true},"is_sso_enabled":{"type":"bool","description_kind":"plain","required":true},"is_super_user":{"type":"bool","description_kind":"plain","computed":true},"is_suspended":{"type":"bool","description_kind":"plain","computed":true},"last_login":{"type":"string","description_kind":"plain","computed":true},"last_name":{"type":"string","description_kind":"plain","required":true},"permit_alert_actions":{"type":"bool","description_kind":"plain","optional":true},"permit_notifications":{"type":"bool","description_kind":"plain","optional":true},"permit_on_boarding":{"type":"bool","description_kind":"plain","optional":true},"permit_policies":{"type":"bool","description_kind":"plain","optional":true},"permit_rulesets":{"type":"bool","description_kind":"plain","optional":true},"role_ids":{"type":["list","number"],"description_kind":"plain","optional":true,"computed":true}},"block_types":{"access":{"nesting_mode":"list","block":{"attributes":{"main_id":{"type":"string","description_kind":"plain","optional":true},"region":{"type":"string","description_kind":"plain","optional":true},"security_group_id":{"type":"string","description_kind":"plain","optional":true},"traffic":{"type":"string","description_kind":"plain","optional":true},"type":{"type":"string","description_kind":"plain","optional":true}},"description_kind":"plain"}},"manage":{"nesting_mode":"list","block":{"attributes":{"main_id":{"type":"string","description_kind":"plain","optional":true},"region":{"type":"string","description_kind":"plain","optional":true},"security_group_id":{"type":"string","description_kind":"plain","optional":true},"traffic":{"type":"string","description_kind":"plain","optional":true},"type":{"type":"string","description_kind":"plain","optional":true}},"description_kind":"plain"}},"view":{"nesting_mode":"list","block":{"attributes":{"main_id":{"type":"string","description_kind":"plain","optional":true},"region":{"type":"string","description_kind":"plain","optional":true},"security_group_id":{"type":"string","description_kind":"plain","optional":true},"traffic":{"type":"string","description_kind":"plain","optional":true},"type":{"type":"string","description_kind":"plain","optional":true}},"description_kind":"plain"}}},"description_kind":"plain"}}},"data_source_schemas":{"dome9_aws_security_group":{"version":0,"block":{"attributes":{"aws_region_id":{"type":"string","description_kind":"plain","computed":true},"cloud_account_name":{"type":"string","description_kind":"plain","computed":true},"description":{"type":"string","description_kind":"plain","computed":true},"dome9_cloud_account_id":{"type":"string","description_kind":"plain","computed":true},"dome9_security_group_name":{"type":"string","description_kind":"plain","computed":true},"external_id":{"type":"string","description_kind":"plain","computed":true},"id":{"type":"string","description_kind":"plain","required":true},"is_protected":{"type":"bool","description_kind":"plain","computed":true},"services":{"type":["set",["object",{"inbound":["set",["object",{"description":"string","name":"string","open_for_all":"bool","port":"string","protocol_type":"string","scope":["set",["object",{"data":["map","string"],"type":"string"}]]}]],"outbound":["set",["object",{"description":"string","name":"string","open_for_all":"bool","port":"string","protocol_type":"string","scope":["set",["object",{"data":["map","string"],"type":"string"}]]}]]}]],"description_kind":"plain","computed":true},"tags":{"type":["map","string"],"description_kind":"plain","computed":true},"vpc_id":{"type":"string","description_kind":"plain","computed":true},"vpc_name":{"type":"string","description_kind":"plain","computed":true}},"description_kind":"plain"}},"dome9_azure_security_group":{"version":0,"block":{"attributes":{"cloud_account_name":{"type":"string","description_kind":"plain","computed":true},"description":{"type":"string","description_kind":"plain","computed":true},"dome9_cloud_account_id":{"type":"string","description_kind":"plain","computed":true},"dome9_security_group_name":{"type":"string","description_kind":"plain","computed":true},"external_security_group_id":{"type":"string","description_kind":"plain","computed":true},"id":{"type":"string","description_kind":"plain","required":true},"inbound":{"type":["list",["object",{"access":"string","description":"string","destination_port_ranges":["list","string"],"destination_scopes":["list",["object",{"data":["map","string"],"type":"string"}]],"direction":"string","is_default":"bool","name":"string","priority":"number","protocol":"string","source_port_ranges":["list","string"],"source_scopes":["list",["object",{"data":["map","string"],"type":"string"}]]}]],"description_kind":"plain","computed":true},"is_tamper_protected":{"type":"bool","description_kind":"plain","computed":true},"last_updated_by_dome9":{"type":"string","description_kind":"plain","computed":true},"outbound":{"type":["list",["object",{"access":"string","description":"string","destination_port_ranges":["list","string"],"destination_scopes":["list",["object",{"data":["map","string"],"type":"string"}]],"direction":"string","is_default":"bool","name":"string","priority":"number","protocol":"string","source_port_ranges":["list","string"],"source_scopes":["list",["object",{"data":["map","string"],"type":"string"}]]}]],"description_kind":"plain","computed":true},"region":{"type":"string","description_kind":"plain","computed":true},"resource_group":{"type":"string","description_kind":"plain","computed":true},"tags":{"type":["list",["object",{"key":"string","value":"string"}]],"description_kind":"plain","computed":true}},"description_kind":"plain"}},"dome9_cloud_security_group_rule":{"version":0,"block":{"attributes":{"id":{"type":"string","description_kind":"plain","required":true},"services":{"type":["set",["object",{"inbound":["set",["object",{"description":"string","name":"string","open_for_all":"bool","port":"string","protocol_type":"string","scope":["set",["object",{"data":["map","string"],"type":"string"}]]}]],"outbound":["set",["object",{"description":"string","name":"string","open_for_all":"bool","port":"string","protocol_type":"string","scope":["set",["object",{"data":["map","string"],"type":"string"}]]}]]}]],"description_kind":"plain","computed":true}},"description_kind":"plain"}},"dome9_cloudaccount_aws":{"version":0,"block":{"attributes":{"allow_read_only":{"type":"bool","description_kind":"plain","computed":true},"creation_date":{"type":"string","description_kind":"plain","computed":true},"external_account_number":{"type":"string","description_kind":"plain","computed":true},"full_protection":{"type":"bool","description_kind":"plain","computed":true},"iam_safe":{"type":["set",["object",{"aws_group_arn":"string","aws_policy_arn":"string","mode":"string","restricted_iam_entities":["set",["object",{"roles_arns":["list","string"],"users_arns":["list","string"]}]]}]],"description_kind":"plain","computed":true},"id":{"type":"string","description_kind":"plain","required":true},"is_fetching_suspended":{"type":"bool","description_kind":"plain","computed":true},"name":{"type":"string","description_kind":"plain","computed":true},"net_sec":{"type":["set",["object",{"regions":["list",["object",{"hidden":"bool","name":"string","new_group_behavior":"string","region":"string"}]]}]],"description_kind":"plain","computed":true},"organizational_unit_id":{"type":"string","description_kind":"plain","computed":true},"vendor":{"type":"string","description_kind":"plain","computed":true}},"description_kind":"plain"}},"dome9_cloudaccount_azure":{"version":0,"block":{"attributes":{"creation_date":{"type":"string","description_kind":"plain","computed":true},"id":{"type":"string","description_kind":"plain","required":true},"name":{"type":"string","description_kind":"plain","computed":true},"operation_mode":{"type":"string","description_kind":"plain","computed":true},"organizational_unit_id":{"type":"string","description_kind":"plain","computed":true},"organizational_unit_name":{"type":"string","description_kind":"plain","computed":true},"organizational_unit_path":{"type":"string","description_kind":"plain","computed":true},"subscription_id":{"type":"string","description_kind":"plain","computed":true},"tenant_id":{"type":"string","description_kind":"plain","computed":true},"vendor":{"type":"string","description_kind":"plain","computed":true}},"description_kind":"plain"}},"dome9_cloudaccount_gcp":{"version":0,"block":{"attributes":{"creation_date":{"type":"string","description_kind":"plain","computed":true},"domain_name":{"type":"string","description_kind":"plain","computed":true},"gsuite_user":{"type":"string","description_kind":"plain","computed":true},"id":{"type":"string","description_kind":"plain","required":true},"name":{"type":"string","description_kind":"plain","computed":true},"organizational_unit_id":{"type":"string","description_kind":"plain","computed":true},"organizational_unit_name":{"type":"string","description_kind":"plain","computed":true},"organizational_unit_path":{"type":"string","description_kind":"plain","computed":true},"project_id":{"type":"string","description_kind":"plain","computed":true},"vendor":{"type":"string","description_kind":"plain","computed":true}},"description_kind":"plain"}},"dome9_cloudaccount_kubernetes":{"version":0,"block":{"attributes":{"admission_control":{"type":["list",["object",{"enabled":"bool"}]],"description_kind":"plain","computed":true},"cluster_version":{"type":"string","description_kind":"plain","computed":true},"creation_date":{"type":"string","description_kind":"plain","computed":true},"id":{"type":"string","description_kind":"plain","required":true},"image_assurance":{"type":["list",["object",{"enabled":"bool"}]],"description_kind":"plain","computed":true},"name":{"type":"string","description_kind":"plain","computed":true},"organizational_unit_id":{"type":"string","description_kind":"plain","computed":true},"organizational_unit_name":{"type":"string","description_kind":"plain","computed":true},"organizational_unit_path":{"type":"string","description_kind":"plain","computed":true},"runtime_protection":{"type":["list",["object",{"enabled":"bool"}]],"description_kind":"plain","computed":true},"vendor":{"type":"string","description_kind":"plain","computed":true}},"description_kind":"plain"}},"dome9_continuous_compliance_notification":{"version":0,"block":{"attributes":{"alerts_console":{"type":"bool","description_kind":"plain","computed":true},"change_detection":{"type":["set",["object",{"aws_security_hub_integration":["set",["object",{"external_account_id":"string","region":"string"}]],"aws_security_hub_integration_state":"string","email_data":["set",["object",{"recipients":["list","string"]}]],"email_per_finding_data":["set",["object",{"notification_output_format":"string","recipients":["list","string"]}]],"email_per_finding_sending_state":"string","email_sending_state":"string","external_ticket_creating_state":"string","sns_data":["set",["object",{"sns_output_format":"string","sns_topic_arn":"string"}]],"sns_sending_state":"string","ticketing_system_data":["set",["object",{"domain":"string","issue_type":"string","pass":"string","project_key":"string","should_close_tickets":"bool","system_type":"string","user":"string"}]],"webhook_data":["set",["object",{"auth_method":"string","format_type":"string","http_method":"string","password":"string","url":"string","username":"string"}]],"webhook_integration_state":"string"}]],"description_kind":"plain","computed":true},"description":{"type":"string","description_kind":"plain","computed":true},"gcp_security_command_center_integration":{"type":["set",["object",{"project_id":"string","source_id":"string","state":"string"}]],"description_kind":"plain","computed":true},"id":{"type":"string","description_kind":"plain","required":true},"name":{"type":"string","description_kind":"plain","computed":true},"scheduled_report":{"type":["set",["object",{"email_sending_state":"string","schedule_data":["set",["object",{"cron_expression":"string","recipients":["list","string"],"type":"string"}]]}]],"description_kind":"plain","computed":true}},"description_kind":"plain"}},"dome9_continuous_compliance_policy":{"version":0,"block":{"attributes":{"id":{"type":"string","description_kind":"plain","required":true},"notification_ids":{"type":["list","string"],"description_kind":"plain","computed":true},"ruleset_id":{"type":"number","description_kind":"plain","computed":true},"target_external_id":{"type":"string","description_kind":"plain","computed":true},"target_internal_id":{"type":"string","description_kind":"plain","computed":true},"target_type":{"type":"string","description_kind":"plain","computed":true}},"description_kind":"plain"}},"dome9_iplist":{"version":0,"block":{"attributes":{"description":{"type":"string","description_kind":"plain","computed":true},"id":{"type":"string","description_kind":"plain","required":true},"name":{"type":"string","description_kind":"plain","computed":true}},"block_types":{"items":{"nesting_mode":"list","block":{"attributes":{"comment":{"type":"string","description_kind":"plain","optional":true,"computed":true},"ip":{"type":"string","description_kind":"plain","optional":true,"computed":true}},"description_kind":"plain"}}},"description_kind":"plain"}},"dome9_organizational_unit":{"version":0,"block":{"attributes":{"account_id":{"type":"string","description_kind":"plain","computed":true},"aws_aggregate_cloud_accounts_count":{"type":"number","description_kind":"plain","computed":true},"aws_cloud_accounts_count":{"type":"number","description_kind":"plain","computed":true},"azure_aggregate_cloud_accounts_count":{"type":"number","description_kind":"plain","computed":true},"azure_cloud_accounts_count":{"type":"number","description_kind":"plain","computed":true},"created":{"type":"string","description_kind":"plain","computed":true},"google_aggregate_cloud_accounts_count":{"type":"number","description_kind":"plain","computed":true},"google_cloud_accounts_count":{"type":"number","description_kind":"plain","computed":true},"id":{"type":"string","description_kind":"plain","required":true},"is_parent_root":{"type":"bool","description_kind":"plain","computed":true},"is_root":{"type":"bool","description_kind":"plain","computed":true},"name":{"type":"string","description_kind":"plain","computed":true},"parent_id":{"type":"string","description_kind":"plain","computed":true},"path":{"type":"string","description_kind":"plain","computed":true},"path_str":{"type":"string","description_kind":"plain","computed":true},"sub_organizational_units_count":{"type":"number","description_kind":"plain","computed":true},"updated":{"type":"string","description_kind":"plain","computed":true}},"description_kind":"plain"}},"dome9_role":{"version":0,"block":{"attributes":{"access":{"type":["list",["object",{"main_id":"string","region":"string","security_group_id":"string","traffic":"string","type":"string"}]],"description_kind":"plain","computed":true},"create":{"type":["list","string"],"description_kind":"plain","computed":true},"cross_account_access":{"type":["list","string"],"description_kind":"plain","computed":true},"description":{"type":"string","description_kind":"plain","computed":true},"id":{"type":"string","description_kind":"plain","required":true},"manage":{"type":["list",["object",{"main_id":"string","region":"string","security_group_id":"string","traffic":"string","type":"string"}]],"description_kind":"plain","computed":true},"name":{"type":"string","description_kind":"plain","computed":true},"permit_alert_actions":{"type":"bool","description_kind":"plain","computed":true},"permit_notifications":{"type":"bool","description_kind":"plain","computed":true},"permit_on_boarding":{"type":"bool","description_kind":"plain","computed":true},"permit_policies":{"type":"bool","description_kind":"plain","computed":true},"permit_rulesets":{"type":"bool","description_kind":"plain","computed":true},"view":{"type":["list",["object",{"main_id":"string","region":"string","security_group_id":"string","traffic":"string","type":"string"}]],"description_kind":"plain","computed":true}},"description_kind":"plain"}},"dome9_ruleset":{"version":0,"block":{"attributes":{"cloud_vendor":{"type":"string","description_kind":"plain","computed":true},"created_time":{"type":"string","description_kind":"plain","computed":true},"description":{"type":"string","description_kind":"plain","computed":true},"hide_in_compliance":{"type":"bool","description_kind":"plain","computed":true},"id":{"type":"string","description_kind":"plain","required":true},"is_template":{"type":"bool","description_kind":"plain","computed":true},"language":{"type":"string","description_kind":"plain","computed":true},"min_feature_tier":{"type":"string","description_kind":"plain","computed":true},"name":{"type":"string","description_kind":"plain","computed":true},"rules":{"type":["list",["object",{"compliance_tag":"string","control_title":"string","description":"string","domain":"string","is_default":"bool","logic":"string","logic_hash":"string","name":"string","priority":"string","remediation":"string","rule_id":"string","severity":"string"}]],"description_kind":"plain","computed":true},"updated_time":{"type":"string","description_kind":"plain","computed":true}},"description_kind":"plain"}},"dome9_service_account":{"version":0,"block":{"attributes":{"api_key_id":{"type":"string","description_kind":"plain","computed":true},"date_created":{"type":"string","description_kind":"plain","computed":true},"id":{"type":"string","description_kind":"plain","required":true},"last_used":{"type":"string","description_kind":"plain","computed":true},"name":{"type":"string","description_kind":"plain","computed":true},"role_ids":{"type":["set","number"],"description_kind":"plain","computed":true}},"description_kind":"plain"}},"dome9_user":{"version":0,"block":{"attributes":{"access":{"type":["list",["object",{"main_id":"string","region":"string","security_group_id":"string","traffic":"string","type":"string"}]],"description_kind":"plain","computed":true},"can_switch_role":{"type":"bool","description_kind":"plain","computed":true},"create":{"type":["list","string"],"description_kind":"plain","computed":true},"cross_account_access":{"type":["list","string"],"description_kind":"plain","computed":true},"email":{"type":"string","description_kind":"plain","computed":true},"has_api_key":{"type":"bool","description_kind":"plain","computed":true},"has_api_key_v1":{"type":"bool","description_kind":"plain","computed":true},"has_api_key_v2":{"type":"bool","description_kind":"plain","computed":true},"iam_safe":{"type":["set",["object",{"cloud_accounts":["list",["object",{"cloud_account_id":"string","cloud_account_state":"string","external_account_number":"string","iam_entities":["list","string"],"iam_entities_last_lease_time":["list",["object",{"iam_entity":"string","last_lease_time":"string"}]],"iam_entity":"string","last_lease_time":"string","name":"string","state":"bool"}]]}]],"description_kind":"plain","computed":true},"id":{"type":"string","description_kind":"plain","required":true},"is_auditor":{"type":"bool","description_kind":"plain","computed":true},"is_locked":{"type":"bool","description_kind":"plain","computed":true},"is_mfa_enabled":{"type":"bool","description_kind":"plain","computed":true},"is_mobile_device_paired":{"type":"bool","description_kind":"plain","computed":true},"is_owner":{"type":"bool","description_kind":"plain","computed":true},"is_sso_enabled":{"type":"bool","description_kind":"plain","computed":true},"is_super_user":{"type":"bool","description_kind":"plain","computed":true},"is_suspended":{"type":"bool","description_kind":"plain","computed":true},"last_login":{"type":"string","description_kind":"plain","computed":true},"manage":{"type":["list",["object",{"main_id":"string","region":"string","security_group_id":"string","traffic":"string","type":"string"}]],"description_kind":"plain","computed":true},"permit_alert_actions":{"type":"bool","description_kind":"plain","computed":true},"permit_notifications":{"type":"bool","description_kind":"plain","computed":true},"permit_on_boarding":{"type":"bool","description_kind":"plain","computed":true},"permit_policies":{"type":"bool","description_kind":"plain","computed":true},"permit_rulesets":{"type":"bool","description_kind":"plain","computed":true},"role_ids":{"type":["list","number"],"description_kind":"plain","computed":true},"view":{"type":["list",["object",{"main_id":"string","region":"string","security_group_id":"string","traffic":"string","type":"string"}]],"description_kind":"plain","computed":true}},"description_kind":"plain"}}}}}}
