{"format_version":"0.2","provider_schemas":{"registry.terraform.io/dynatrace-oss/dynatrace":{"provider":{"version":0,"block":{"attributes":{"dt_api_token":{"type":"string","description_kind":"plain","optional":true,"sensitive":true},"dt_cluster_api_token":{"type":"string","description_kind":"plain","optional":true,"sensitive":true},"dt_cluster_url":{"type":"string","description_kind":"plain","optional":true,"sensitive":true},"dt_env_url":{"type":"string","description_kind":"plain","optional":true}},"description_kind":"plain"}},"resource_schemas":{"dynatrace_alerting_profile":{"version":0,"block":{"attributes":{"display_name":{"type":"string","description":"The name of the alerting profile, displayed in the UI","description_kind":"plain","required":true},"id":{"type":"string","description_kind":"plain","optional":true,"computed":true},"mz_id":{"type":"string","description":"The ID of the management zone to which the alerting profile applies","description_kind":"plain","optional":true},"unknowns":{"type":"string","description":"allows for configuring properties that are not explicitly supported by the current version of this provider","description_kind":"plain","optional":true}},"block_types":{"event_type_filters":{"nesting_mode":"list","block":{"attributes":{"unknowns":{"type":"string","description":"allows for configuring properties that are not explicitly supported by the current version of this provider","description_kind":"plain","optional":true}},"block_types":{"custom_event_filter":{"nesting_mode":"list","block":{"attributes":{"unknowns":{"type":"string","description":"allows for configuring properties that are not explicitly supported by the current version of this provider","description_kind":"plain","optional":true}},"block_types":{"custom_description_filter":{"nesting_mode":"list","block":{"attributes":{"case_insensitive":{"type":"bool","description":"The condition is case sensitive (`false`) or case insensitive (`true`).   If not set, then `false` is used, making the condition case sensitive","description_kind":"plain","optional":true},"enabled":{"type":"bool","description":"The filter is enabled (`true`) or disabled (`false`)","description_kind":"plain","optional":true},"negate":{"type":"bool","description":"Reverses the comparison **operator**. For example it turns the **begins with** into **does not begin with**","description_kind":"plain","optional":true},"operator":{"type":"string","description":"Operator of the comparison.   You can reverse it by setting **negate** to `true`. Possible values are `BEGINS_WITH`, `CONTAINS`, `CONTAINS_REGEX`, `ENDS_WITH` and `EQUALS`","description_kind":"plain","required":true},"unknowns":{"type":"string","description":"allows for configuring properties that are not explicitly supported by the current version of this provider","description_kind":"plain","optional":true},"value":{"type":"string","description":"The value to compare to","description_kind":"plain","required":true}},"description":"Configuration of a matching filter","description_kind":"plain"}},"custom_title_filter":{"nesting_mode":"list","block":{"attributes":{"case_insensitive":{"type":"bool","description":"The condition is case sensitive (`false`) or case insensitive (`true`).   If not set, then `false` is used, making the condition case sensitive","description_kind":"plain","optional":true},"enabled":{"type":"bool","description":"The filter is enabled (`true`) or disabled (`false`)","description_kind":"plain","optional":true},"negate":{"type":"bool","description":"Reverses the comparison **operator**. For example it turns the **begins with** into **does not begin with**","description_kind":"plain","optional":true},"operator":{"type":"string","description":"Operator of the comparison.   You can reverse it by setting **negate** to `true`. Possible values are `BEGINS_WITH`, `CONTAINS`, `CONTAINS_REGEX`, `ENDS_WITH` and `EQUALS`","description_kind":"plain","required":true},"unknowns":{"type":"string","description":"allows for configuring properties that are not explicitly supported by the current version of this provider","description_kind":"plain","optional":true},"value":{"type":"string","description":"The value to compare to","description_kind":"plain","required":true}},"description":"Configuration of a matching filter","description_kind":"plain"}}},"description":"Configuration of a custom event filter. Filters custom events by title or description. If both specified, the AND logic applies","description_kind":"plain"}},"predefined_event_filter":{"nesting_mode":"list","block":{"attributes":{"event_type":{"type":"string","description":"The type of the predefined event. Possible values are `APPLICATION_ERROR_RATE_INCREASED`, `APPLICATION_SLOWDOWN`, `APPLICATION_UNEXPECTED_HIGH_LOAD`, `APPLICATION_UNEXPECTED_LOW_LOAD`, `AWS_LAMBDA_HIGH_ERROR_RATE`, `CUSTOM_APPLICATION_ERROR_RATE_INCREASED`, `CUSTOM_APPLICATION_SLOWDOWN`, `CUSTOM_APPLICATION_UNEXPECTED_HIGH_LOAD`, `CUSTOM_APPLICATION_UNEXPECTED_LOW_LOAD`, `CUSTOM_APP_CRASH_RATE_INCREASED`, `DATABASE_CONNECTION_FAILURE`, `DATA_CENTER_SERVICE_PERFORMANCE_DEGRADATION`, `DATA_CENTER_SERVICE_UNAVAILABLE`, `EBS_VOLUME_HIGH_LATENCY`, `EC2_HIGH_CPU`, `ELB_HIGH_BACKEND_ERROR_RATE`, `ENTERPRICE_APPLICATION_PERFORMANCE_DEGRADATION`, `ENTERPRISE_APPLICATION_UNAVAILABLE`, `ESXI_GUEST_ACTIVE_SWAP_WAIT`, `ESXI_GUEST_CPU_LIMIT_REACHED`, `ESXI_HOST_CPU_SATURATION`, `ESXI_HOST_DATASTORE_LOW_DISK_SPACE`, `ESXI_HOST_DISK_QUEUE_SLOW`, `ESXI_HOST_DISK_SLOW`, `ESXI_HOST_MEMORY_SATURATION`, `ESXI_HOST_NETWORK_PROBLEMS`, `ESXI_HOST_OVERLOADED_STORAGE`, `ESXI_VM_IMPACT_HOST_CPU_SATURATION`, `ESXI_VM_IMPACT_HOST_MEMORY_SATURATION`, `EXTERNAL_SYNTHETIC_TEST_OUTAGE`, `EXTERNAL_SYNTHETIC_TEST_SLOWDOWN`, `HOST_OF_SERVICE_UNAVAILABLE`, `HTTP_CHECK_GLOBAL_OUTAGE`, `HTTP_CHECK_LOCAL_OUTAGE`, `HTTP_CHECK_TEST_LOCATION_SLOWDOWN`, `MOBILE_APPLICATION_ERROR_RATE_INCREASED`, `MOBILE_APPLICATION_SLOWDOWN`, `MOBILE_APPLICATION_UNEXPECTED_HIGH_LOAD`, `MOBILE_APPLICATION_UNEXPECTED_LOW_LOAD`, `MOBILE_APP_CRASH_RATE_INCREASED`, `MONITORING_UNAVAILABLE`, `OSI_DISK_LOW_INODES`, `OSI_GRACEFULLY_SHUTDOWN`, `OSI_HIGH_CPU`, `OSI_HIGH_MEMORY`, `OSI_LOW_DISK_SPACE`, `OSI_NIC_DROPPED_PACKETS_HIGH`, `OSI_NIC_ERRORS_HIGH`, `OSI_NIC_UTILIZATION_HIGH`, `OSI_SLOW_DISK`, `OSI_UNEXPECTEDLY_UNAVAILABLE`, `PGI_OF_SERVICE_UNAVAILABLE`, `PGI_UNAVAILABLE`, `PG_LOW_INSTANCE_COUNT`, `PROCESS_CRASHED`, `PROCESS_HIGH_GC_ACTIVITY`, `PROCESS_MEMORY_RESOURCE_EXHAUSTED`, `PROCESS_NA_HIGH_CONN_FAIL_RATE`, `PROCESS_NA_HIGH_LOSS_RATE`, `PROCESS_THREADS_RESOURCE_EXHAUSTED`, `RDS_HIGH_CPU`, `RDS_HIGH_LATENCY`, `RDS_LOW_MEMORY`, `RDS_LOW_STORAGE_SPACE`, `RDS_OF_SERVICE_UNAVAILABLE`, `RDS_RESTART_SEQUENCE`, `SERVICE_ERROR_RATE_INCREASED`, `SERVICE_SLOWDOWN`, `SERVICE_UNEXPECTED_HIGH_LOAD`, `SERVICE_UNEXPECTED_LOW_LOAD`, `SYNTHETIC_GLOBAL_OUTAGE`, `SYNTHETIC_LOCAL_OUTAGE`, `SYNTHETIC_NODE_OUTAGE`, `SYNTHETIC_PRIVATE_LOCATION_OUTAGE` and `SYNTHETIC_TEST_LOCATION_SLOWDOWN`","description_kind":"plain","required":true},"negate":{"type":"bool","description":"The alert triggers when the problem of specified severity arises while the specified event **is** happening (`false`) or while the specified event is **not** happening (`true`).   For example, if you chose the Slowdown (`PERFORMANCE`) severity and Unexpected high traffic (`APPLICATION_UNEXPECTED_HIGH_LOAD`) event with **negate** set to `true`, the alerting profile will trigger only when the slowdown problem is raised while there is no unexpected high traffic event.  Consider the following use case as an example. The Slowdown (`PERFORMANCE`) severity rule is set. Depending on the configuration of the event filter (Unexpected high traffic (`APPLICATION_UNEXPECTED_HIGH_LOAD`) event is used as an example), the behavior of the alerting profile is one of the following:* **negate** is set to `false`: The alert triggers when the slowdown problem is raised while unexpected high traffic event is happening.  * **negate** is set to `true`: The alert triggers when the slowdown problem is raised while there is no unexpected high traffic event.  * no event rule is set: The alert triggers when the slowdown problem is raised, regardless of any events","description_kind":"plain","optional":true},"unknowns":{"type":"string","description":"allows for configuring properties that are not explicitly supported by the current version of this provider","description_kind":"plain","optional":true}},"description":"Configuration of a custom event filter. Filters custom events by title or description. If both specified, the AND logic applies","description_kind":"plain"}}},"description":"The list of event filters.  For all filters that are *negated* inside of these event filters, that is all `Predefined` as well as `Custom` (Title and/or Description) ones the AND logic applies. For all *non-negated* ones the OR logic applies. Between these two groups, negated and non-negated, the AND logic applies.  If you specify both severity rule and event filter, the AND logic applies","description_kind":"plain"}},"metadata":{"nesting_mode":"list","block":{"attributes":{"cluster_version":{"type":"string","description":"Dynatrace server version","description_kind":"plain","optional":true},"configuration_versions":{"type":["list","number"],"description":"A Sorted list of the version numbers of the configuration","description_kind":"plain","optional":true},"current_configuration_versions":{"type":["list","string"],"description":"A Sorted list of the version numbers of the configuration","description_kind":"plain","optional":true}},"description":"`metadata` exists for backwards compatibility but shouldn't get specified anymore","description_kind":"plain","deprecated":true},"max_items":1},"rules":{"nesting_mode":"list","block":{"attributes":{"delay_in_minutes":{"type":"number","description":"Send a notification if a problem remains open longer than *X* minutes","description_kind":"plain","required":true},"severity_level":{"type":"string","description":"The severity level to trigger the alert. Possible values are `AVAILABILITY`,\t`CUSTOM_ALERT`,\t`ERROR`,`MONITORING_UNAVAILABLE`,`PERFORMANCE` and `RESOURCE_CONTENTION`.","description_kind":"plain","required":true},"unknowns":{"type":"string","description":"allows for configuring properties that are not explicitly supported by the current version of this provider","description_kind":"plain","optional":true}},"block_types":{"tag_filter":{"nesting_mode":"list","block":{"attributes":{"include_mode":{"type":"string","description":"The filtering mode:  * `INCLUDE_ANY`: The rule applies to monitored entities that have at least one of the specified tags. You can specify up to 100 tags.  * `INCLUDE_ALL`: The rule applies to monitored entities that have **all** of the specified tags. You can specify up to 10 tags.  * `NONE`: The rule applies to all monitored entities","description_kind":"plain","required":true},"unknowns":{"type":"string","description":"allows for configuring properties that are not explicitly supported by the current version of this provider","description_kind":"plain","optional":true}},"block_types":{"tag_filters":{"nesting_mode":"list","block":{"attributes":{"context":{"type":"string","description":"The origin of the tag, such as AWS or Cloud Foundry. Custom tags use the `CONTEXTLESS` value","description_kind":"plain","required":true},"key":{"type":"string","description":"The key of the tag. Custom tags have the tag value here","description_kind":"plain","required":true},"value":{"type":"string","description":"The value of the tag. Not applicable to custom tags","description_kind":"plain","optional":true}},"description":"A list of required tags","description_kind":"plain"}}},"description":"Configuration of the tag filtering of the alerting profile","description_kind":"plain"},"min_items":1}},"description":"A list of rules for management zone usage.  Each rule is evaluated independently of all other rules","description_kind":"plain"}}},"description_kind":"plain"}},"dynatrace_application_anomalies":{"version":0,"block":{"attributes":{"id":{"type":"string","description_kind":"plain","optional":true,"computed":true}},"block_types":{"failure_rate":{"nesting_mode":"list","block":{"block_types":{"auto":{"nesting_mode":"list","block":{"attributes":{"absolute":{"type":"number","description":"Absolute increase of failing service calls to trigger an alert, %","description_kind":"plain","required":true},"relative":{"type":"number","description":"Relative increase of failing service calls to trigger an alert, %","description_kind":"plain","required":true},"unknowns":{"type":"string","description":"allows for configuring properties that are not explicitly supported by the current version of this provider","description_kind":"plain","optional":true}},"description":"Parameters of failure rate increase auto-detection. Example: If the expected error rate is 1.5%, and you set an absolute increase of 1%, and a relative increase of 50%, the thresholds will be:  Absolute: 1.5% + **1%** = 2.5%  Relative: 1.5% + 1.5% * **50%** = 2.25%","description_kind":"plain"},"max_items":1},"thresholds":{"nesting_mode":"list","block":{"attributes":{"sensitivity":{"type":"string","description":"Sensitivity of the threshold.  With `low` sensitivity, high statistical confidence is used. Brief violations (for example, due to a surge in load) won't trigger alerts.  With `high` sensitivity, no statistical confidence is used. Each violation triggers alert","description_kind":"plain","required":true},"threshold":{"type":"number","description":"Failure rate during any 5-minute period to trigger an alert, %","description_kind":"plain","required":true},"unknowns":{"type":"string","description":"allows for configuring properties that are not explicitly supported by the current version of this provider","description_kind":"plain","optional":true}},"description":"Fixed thresholds for failure rate increase detection","description_kind":"plain"},"max_items":1}},"description":"Configuration of failure rate increase detection","description_kind":"plain"},"max_items":1},"response_time":{"nesting_mode":"list","block":{"block_types":{"auto":{"nesting_mode":"list","block":{"attributes":{"load":{"type":"string","description":"Minimal service load to detect response time degradation. Response time degradation of services with smaller load won't trigger alerts. Possible values are `FIFTEEN_REQUESTS_PER_MINUTE`, `FIVE_REQUESTS_PER_MINUTE`, `ONE_REQUEST_PER_MINUTE` and `TEN_REQUESTS_PER_MINUTE`","description_kind":"plain","required":true},"milliseconds":{"type":"number","description":"Alert if the response time degrades by more than *X* milliseconds","description_kind":"plain","required":true},"percent":{"type":"number","description":"Alert if the response time degrades by more than *X* %","description_kind":"plain","required":true},"slowest_milliseconds":{"type":"number","description":"Alert if the response time of the slowest 10% degrades by more than *X* milliseconds","description_kind":"plain","required":true},"slowest_percent":{"type":"number","description":"Alert if the response time of the slowest 10% degrades by more than *X* milliseconds","description_kind":"plain","required":true},"unknowns":{"type":"string","description":"allows for configuring properties that are not explicitly supported by the current version of this provider","description_kind":"plain","optional":true}},"description":"Parameters of the response time degradation auto-detection. Violation of **any** criterion triggers an alert","description_kind":"plain"},"max_items":1},"thresholds":{"nesting_mode":"list","block":{"attributes":{"load":{"type":"string","description":"Minimal service load to detect response time degradation. Response time degradation of services with smaller load won't trigger alerts. Possible values are `FIFTEEN_REQUESTS_PER_MINUTE`, `FIVE_REQUESTS_PER_MINUTE`, `ONE_REQUEST_PER_MINUTE` and `TEN_REQUESTS_PER_MINUTE`","description_kind":"plain","required":true},"milliseconds":{"type":"number","description":"Response time during any 5-minute period to trigger an alert, in milliseconds","description_kind":"plain","required":true},"sensitivity":{"type":"string","description":"Sensitivity of the threshold.  With `low` sensitivity, high statistical confidence is used. Brief violations (for example, due to a surge in load) won't trigger alerts.  With `high` sensitivity, no statistical confidence is used. Each violation triggers an alert","description_kind":"plain","required":true},"slowest_milliseconds":{"type":"number","description":"Response time of the 10% slowest during any 5-minute period to trigger an alert, in milliseconds","description_kind":"plain","required":true},"unknowns":{"type":"string","description":"allows for configuring properties that are not explicitly supported by the current version of this provider","description_kind":"plain","optional":true}},"description":"Fixed thresholds for response time degradation detection","description_kind":"plain"},"max_items":1}},"description":"Configuration of response time degradation detection","description_kind":"plain"},"max_items":1},"traffic":{"nesting_mode":"list","block":{"block_types":{"drops":{"nesting_mode":"list","block":{"attributes":{"enabled":{"type":"bool","description":"The detection is enabled (`true`) or disabled (`false`)","description_kind":"plain","required":true},"percent":{"type":"number","description":"Alert if the observed traffic is less than *X* % of the expected value","description_kind":"plain","optional":true}},"description":"The configuration of traffic drops detection","description_kind":"plain"},"max_items":1},"spikes":{"nesting_mode":"list","block":{"attributes":{"enabled":{"type":"bool","description":"The detection is enabled (`true`) or disabled (`false`)","description_kind":"plain","required":true},"percent":{"type":"number","description":"Alert if the observed traffic is less than *X* % of the expected value","description_kind":"plain","optional":true}},"description":"The configuration of traffic spikes detection","description_kind":"plain"},"max_items":1}},"description":"Configuration for anomalies regarding traffic","description_kind":"plain"},"max_items":1}},"description_kind":"plain"}},"dynatrace_autotag":{"version":0,"block":{"attributes":{"id":{"type":"string","description_kind":"plain","optional":true,"computed":true},"name":{"type":"string","description":"The name of the auto-tag, which is applied to entities.  Additionally you can specify a **valueFormat** in the tag rule. In that case the tag is used in the `name:valueFormat` format.  For example you can extend the `Infrastructure` tag to `Infrastructure:Windows` and `Infrastructure:Linux`.","description_kind":"plain","required":true},"unknowns":{"type":"string","description":"allows for configuring properties that are not explicitly supported by the current version of this provider","description_kind":"plain","optional":true}},"block_types":{"entity_selector_based_rule":{"nesting_mode":"list","block":{"attributes":{"enabled":{"type":"bool","description":"The rule is enabled (`true`) or disabled (`false`)","description_kind":"plain","optional":true},"selector":{"type":"string","description":"The entity selector string, by which the entities are selected","description_kind":"plain","optional":true},"unknowns":{"type":"string","description":"allows for configuring properties that are not explicitly supported by the current version of this provider","description_kind":"plain","optional":true},"value_format":{"type":"string","description":"The value of the entity-selector-based auto-tag. If specified, the tag is used in the `name:valueFormat` format. \n\nFor example, you can extend the `Infrastructure` tag to `Infrastructure:Windows` and `Infrastructure:Linux`","description_kind":"plain","optional":true}},"description":"A list of entity-selector based rules for management zone usage. If several rules are specified, the `or` logic applies","description_kind":"plain"}},"metadata":{"nesting_mode":"list","block":{"attributes":{"cluster_version":{"type":"string","description":"Dynatrace server version","description_kind":"plain","optional":true},"configuration_versions":{"type":["list","number"],"description":"A Sorted list of the version numbers of the configuration","description_kind":"plain","optional":true},"current_configuration_versions":{"type":["list","string"],"description":"A Sorted list of the version numbers of the configuration","description_kind":"plain","optional":true}},"description":"`metadata` exists for backwards compatibility but shouldn't get specified anymore","description_kind":"plain","deprecated":true},"max_items":1},"rules":{"nesting_mode":"list","block":{"attributes":{"enabled":{"type":"bool","description":"The rule is enabled (`true`) or disabled (`false`)","description_kind":"plain","optional":true},"propagation_types":{"type":["list","string"],"description":"How to apply the management zone to underlying entities:\n   - `SERVICE_TO_HOST_LIKE`: Apply to underlying hosts of matching services\n   - `SERVICE_TO_PROCESS_GROUP_LIKE`: Apply to underlying process groups of matching services\n   - `PROCESS_GROUP_TO_HOST`: Apply to underlying hosts of matching process groups\n   - `PROCESS_GROUP_TO_SERVICE`: Apply to all services provided by matching process groups\n   - `HOST_TO_PROCESS_GROUP_INSTANCE`: Apply to processes running on matching hosts\n   - `CUSTOM_DEVICE_GROUP_TO_CUSTOM_DEVICE`: Apply to custom devices in matching custom device groups\n   - `AZURE_TO_PG`: Apply to process groups connected to matching Azure entities\n   - `AZURE_TO_SERVICE`: Apply to services provided by matching Azure entities","description_kind":"plain","optional":true},"type":{"type":"string","description":"The type of Dynatrace entities the management zone can be applied to","description_kind":"plain","required":true},"unknowns":{"type":"string","description":"allows for configuring properties that are not explicitly supported by the current version of this provider","description_kind":"plain","optional":true},"value_format":{"type":"string","description":"The value of the auto-tag. If specified, the tag is used in the `name:valueFormat` format.  For example, you can extend the `Infrastructure` tag to `Infrastructure:Windows` and `Infrastructure:Linux`.  You can use the following placeholders here:  * `{AwsAutoScalingGroup:Name}`  * `{AwsAvailabilityZone:Name}`  * `{AwsElasticLoadBalancer:Name}`  * `{AwsRelationalDatabaseService:DBName}`  * `{AwsRelationalDatabaseService:Endpoint}`  * `{AwsRelationalDatabaseService:Engine}`  * `{AwsRelationalDatabaseService:InstanceClass}`  * `{AwsRelationalDatabaseService:Name}`  * `{AwsRelationalDatabaseService:Port}`  * `{AzureRegion:Name}`  * `{AzureScaleSet:Name}`  * `{AzureVm:Name}`  * `{CloudFoundryOrganization:Name}`  * `{CustomDevice:DetectedName}`  * `{CustomDevice:DnsName}`  * `{CustomDevice:IpAddress}`  * `{CustomDevice:Port}`  * `{DockerContainerGroupInstance:ContainerName}`  * `{DockerContainerGroupInstance:FullImageName}`  * `{DockerContainerGroupInstance:ImageVersion}`  * `{DockerContainerGroupInstance:StrippedImageName}`  * `{ESXIHost:HardwareModel}`  * `{ESXIHost:HardwareVendor}`  * `{ESXIHost:Name}`  * `{ESXIHost:ProductName}`  * `{ESXIHost:ProductVersion}`  * `{Ec2Instance:AmiId}`  * `{Ec2Instance:BeanstalkEnvironmentName}`  * `{Ec2Instance:InstanceId}`  * `{Ec2Instance:InstanceType}`  * `{Ec2Instance:LocalHostName}`  * `{Ec2Instance:Name}`  * `{Ec2Instance:PublicHostName}`  * `{Ec2Instance:SecurityGroup}`  * `{GoogleComputeInstance:Id}`  * `{GoogleComputeInstance:IpAddresses}`  * `{GoogleComputeInstance:MachineType}`  * `{GoogleComputeInstance:Name}`  * `{GoogleComputeInstance:ProjectId}`  * `{GoogleComputeInstance:Project}`  * `{Host:AWSNameTag}`  * `{Host:AixLogicalCpuCount}`  * `{Host:AzureHostName}`  * `{Host:AzureSiteName}`  * `{Host:BoshDeploymentId}`  * `{Host:BoshInstanceId}`  * `{Host:BoshInstanceName}`  * `{Host:BoshName}`  * `{Host:BoshStemcellVersion}`  * `{Host:CpuCores}`  * `{Host:DetectedName}`  * `{Host:Environment:AppName}`  * `{Host:Environment:BoshReleaseVersion}`  * `{Host:Environment:Environment}`  * `{Host:Environment:Link}`  * `{Host:Environment:Organization}`  * `{Host:Environment:Owner}`  * `{Host:Environment:Support}`  * `{Host:IpAddress}`  * `{Host:LogicalCpuCores}`  * `{Host:OneAgentCustomHostName}`  * `{Host:OperatingSystemVersion}`  * `{Host:PaasMemoryLimit}`  * `{HostGroup:Name}`  * `{KubernetesCluster:Name}`  * `{KubernetesNode:DetectedName}`  * `{OpenstackAvailabilityZone:Name}`  * `{OpenstackZone:Name}`  * `{OpenstackComputeNode:Name}`  * `{OpenstackProject:Name}`  * `{OpenstackVm:UnstanceType}`  * `{OpenstackVm:Name}`  * `{OpenstackVm:SecurityGroup}`  * `{ProcessGroup:AmazonECRImageAccountId}`  * `{ProcessGroup:AmazonECRImageRegion}`  * `{ProcessGroup:AmazonECSCluster}`  * `{ProcessGroup:AmazonECSContainerName}`  * `{ProcessGroup:AmazonECSFamily}`  * `{ProcessGroup:AmazonECSRevision}`  * `{ProcessGroup:AmazonLambdaFunctionName}`  * `{ProcessGroup:AmazonRegion}`  * `{ProcessGroup:ApacheConfigPath}`  * `{ProcessGroup:ApacheSparkMasterIpAddress}`  * `{ProcessGroup:AspDotNetCoreApplicationPath}`  * `{ProcessGroup:AspDotNetCoreApplicationPath}`  * `{ProcessGroup:AzureHostName}`  * `{ProcessGroup:AzureSiteName}`  * `{ProcessGroup:CassandraClusterName}`  * `{ProcessGroup:CatalinaBase}`  * `{ProcessGroup:CatalinaHome}`  * `{ProcessGroup:CloudFoundryAppId}`  * `{ProcessGroup:CloudFoundryAppName}`  * `{ProcessGroup:CloudFoundryInstanceIndex}`  * `{ProcessGroup:CloudFoundrySpaceId}`  * `{ProcessGroup:CloudFoundrySpaceName}`  * `{ProcessGroup:ColdFusionJvmConfigFile}`  * `{ProcessGroup:ColdFusionServiceName}`  * `{ProcessGroup:CommandLineArgs}`  * `{ProcessGroup:DetectedName}`  * `{ProcessGroup:DotNetCommandPath}`  * `{ProcessGroup:DotNetCommand}`  * `{ProcessGroup:DotNetClusterId}`  * `{ProcessGroup:DotNetNodeId}`  * `{ProcessGroup:ElasticsearchClusterName}`  * `{ProcessGroup:ElasticsearchNodeName}`  * `{ProcessGroup:EquinoxConfigPath}`  * `{ProcessGroup:ExeName}`  * `{ProcessGroup:ExePath}`  * `{ProcessGroup:GlassFishDomainName}`  * `{ProcessGroup:GlassFishInstanceName}`  * `{ProcessGroup:GoogleAppEngineInstance}`  * `{ProcessGroup:GoogleAppEngineService}`  * `{ProcessGroup:GoogleCloudProject}`  * `{ProcessGroup:HybrisBinDirectory}`  * `{ProcessGroup:HybrisConfigDirectory}`  * `{ProcessGroup:HybrisConfigDirectory}`  * `{ProcessGroup:HybrisDataDirectory}`  * `{ProcessGroup:IBMCicsRegion}`  * `{ProcessGroup:IBMCtgName}`  * `{ProcessGroup:IBMImsConnectRegion}`  * `{ProcessGroup:IBMImsControlRegion}`  * `{ProcessGroup:IBMImsMessageProcessingRegion}`  * `{ProcessGroup:IBMImsSoapGwName}`  * `{ProcessGroup:IBMIntegrationNodeName}`  * `{ProcessGroup:IBMIntegrationServerName}`  * `{ProcessGroup:IISAppPool}`  * `{ProcessGroup:IISRoleName}`  * `{ProcessGroup:JbossHome}`  * `{ProcessGroup:JbossMode}`  * `{ProcessGroup:JbossServerName}`  * `{ProcessGroup:JavaJarFile}`  * `{ProcessGroup:JavaJarPath}`  * `{ProcessGroup:JavaMainCLass}`  * `{ProcessGroup:KubernetesBasePodName}`  * `{ProcessGroup:KubernetesContainerName}`  * `{ProcessGroup:KubernetesFullPodName}`  * `{ProcessGroup:KubernetesNamespace}`  * `{ProcessGroup:KubernetesPodUid}`  * `{ProcessGroup:MssqlInstanceName}`  * `{ProcessGroup:NodeJsAppBaseDirectory}`  * `{ProcessGroup:NodeJsAppName}`  * `{ProcessGroup:NodeJsScriptName}`  * `{ProcessGroup:OracleSid}`  * `{ProcessGroup:PHPScriptPath}`  * `{ProcessGroup:PHPWorkingDirectory}`  * `{ProcessGroup:Ports}`  * `{ProcessGroup:RubyAppRootPath}`  * `{ProcessGroup:RubyScriptPath}`  * `{ProcessGroup:SoftwareAGInstallRoot}`  * `{ProcessGroup:SoftwareAGProductPropertyName}`  * `{ProcessGroup:SpringBootAppName}`  * `{ProcessGroup:SpringBootProfileName}`  * `{ProcessGroup:SpringBootStartupClass}`  * `{ProcessGroup:TIBCOBusinessWorksAppNodeName}`  * `{ProcessGroup:TIBCOBusinessWorksAppSpaceName}`  * `{ProcessGroup:TIBCOBusinessWorksCeAppName}`  * `{ProcessGroup:TIBCOBusinessWorksCeVersion}`  * `{ProcessGroup:TIBCOBusinessWorksDomainName}`  * `{ProcessGroup:TIBCOBusinessWorksEnginePropertyFilePath}`  * `{ProcessGroup:TIBCOBusinessWorksEnginePropertyFile}`  * `{ProcessGroup:TIBCOBusinessWorksHome}`  * `{ProcessGroup:VarnishInstanceName}`  * `{ProcessGroup:WebLogicClusterName}`  * `{ProcessGroup:WebLogicDomainName}`  * `{ProcessGroup:WebLogicHome}`  * `{ProcessGroup:WebLogicName}`  * `{ProcessGroup:WebSphereCellName}`  * `{ProcessGroup:WebSphereClusterName}`  * `{ProcessGroup:WebSphereNodeName}`  * `{ProcessGroup:WebSphereServerName}`  * `{ProcessGroup:ActorSystem}`  * `{Service:STGServerName}`  * `{Service:DatabaseHostName}`  * `{Service:DatabaseName}`  * `{Service:DatabaseVendor}`  * `{Service:DetectedName}`  * `{Service:EndpointPath}`  * `{Service:EndpointPathGatewayUrl}`  * `{Service:IIBApplicationName}`  * `{Service:MessageListenerClassName}`  * `{Service:Port}`  * `{Service:PublicDomainName}`  * `{Service:RemoteEndpoint}`  * `{Service:RemoteName}`  * `{Service:WebApplicationId}`  * `{Service:WebContextRoot}`  * `{Service:WebServerName}`  * `{Service:WebServiceNamespace}`  * `{Service:WebServiceName}`  * `{VmwareDatacenter:Name}`  * `{VmwareVm:Name}`","description_kind":"plain","optional":true}},"block_types":{"conditions":{"nesting_mode":"list","block":{"attributes":{"unknowns":{"type":"string","description":"Any attributes that aren't yet supported by this provider","description_kind":"plain","optional":true}},"block_types":{"application_type":{"nesting_mode":"list","block":{"attributes":{"negate":{"type":"bool","description":"Reverses the operator. For example it turns the **begins with** into **does not begin with**","description_kind":"plain","optional":true},"operator":{"type":"string","description":"Operator of the comparison. You can reverse it by setting **negate** to `true`","description_kind":"plain","required":true},"unknowns":{"type":"string","description":"Any attributes that aren't yet supported by this provider","description_kind":"plain","optional":true},"value":{"type":"string","description":"The value to compare to","description_kind":"plain","optional":true}},"description":"Comparison for `APPLICATION_TYPE` attributes","description_kind":"plain"}},"application_type_comparison":{"nesting_mode":"list","block":{"attributes":{"negate":{"type":"bool","description":"Reverses the operator. For example it turns the **begins with** into **does not begin with**","description_kind":"plain","optional":true},"operator":{"type":"string","description":"Operator of the comparison. You can reverse it by setting **negate** to `true`","description_kind":"plain","required":true},"type":{"type":"string","description":"if specified, needs to be APPLICATION_TYPE","description_kind":"plain","deprecated":true,"optional":true},"unknowns":{"type":"string","description":"Any attributes that aren't yet supported by this provider","description_kind":"plain","optional":true},"value":{"type":"string","description":"The value to compare to","description_kind":"plain","optional":true}},"description":"Comparison for `APPLICATION_TYPE` attributes","description_kind":"plain","deprecated":true}},"azure_compute_mode":{"nesting_mode":"list","block":{"attributes":{"negate":{"type":"bool","description":"Reverses the operator. For example it turns EQUALS into DOES NOT EQUAL","description_kind":"plain","optional":true},"operator":{"type":"string","description":"Either EQUALS or EXISTS. You can reverse it by setting **negate** to `true`","description_kind":"plain","required":true},"unknowns":{"type":"string","description":"Any attributes that aren't yet supported by this provider","description_kind":"plain","optional":true},"value":{"type":"string","description":"The value to compare to. Possible values are DEDICATED or SHARED.","description_kind":"plain","optional":true}},"description":"Comparison for `AZURE_COMPUTE_MODE` attributes","description_kind":"plain","deprecated":true}},"azure_compute_mode_comparison":{"nesting_mode":"list","block":{"attributes":{"negate":{"type":"bool","description":"Reverses the operator. For example it turns EQUALS into DOES NOT EQUAL","description_kind":"plain","optional":true},"operator":{"type":"string","description":"Either EQUALS or EXISTS. You can reverse it by setting **negate** to `true`","description_kind":"plain","required":true},"unknowns":{"type":"string","description":"Any attributes that aren't yet supported by this provider","description_kind":"plain","optional":true},"value":{"type":"string","description":"The value to compare to. Possible values are DEDICATED or SHARED.","description_kind":"plain","optional":true}},"description":"Comparison for `AZURE_COMPUTE_MODE` attributes","description_kind":"plain"}},"azure_sku":{"nesting_mode":"list","block":{"attributes":{"negate":{"type":"bool","description":"Reverses the operator. For example it turns EQUALS into DOES NOT EQUAL","description_kind":"plain","optional":true},"operator":{"type":"string","description":"Either EQUALS or EXISTS. You can reverse it by setting **negate** to `true`","description_kind":"plain","required":true},"unknowns":{"type":"string","description":"Any attributes that aren't yet supported by this provider","description_kind":"plain","optional":true},"value":{"type":"string","description":"The value to compare to. Possible values are BASIC, DYNAMIC, FREE, PREMIUM, SHARED and STANDARD.","description_kind":"plain","optional":true}},"description":"Comparison for `AZURE_SKU` attributes","description_kind":"plain"}},"azure_sku_comparision":{"nesting_mode":"list","block":{"attributes":{"negate":{"type":"bool","description":"Reverses the operator. For example it turns EQUALS into DOES NOT EQUAL","description_kind":"plain","optional":true},"operator":{"type":"string","description":"Either EQUALS or EXISTS. You can reverse it by setting **negate** to `true`","description_kind":"plain","required":true},"type":{"type":"string","description":"if specified, needs to be AZURE_SKU","description_kind":"plain","deprecated":true,"optional":true},"unknowns":{"type":"string","description":"Any attributes that aren't yet supported by this provider","description_kind":"plain","optional":true},"value":{"type":"string","description":"The value to compare to. Possible values are BASIC, DYNAMIC, FREE, PREMIUM, SHARED and STANDARD.","description_kind":"plain","optional":true}},"description":"Comparison for `AZURE_SKU` attributes","description_kind":"plain","deprecated":true}},"base_comparison_basic":{"nesting_mode":"list","block":{"attributes":{"negate":{"type":"bool","description":"Reverses the operator. For example it turns EQUALS into DOES NOT EQUAL","description_kind":"plain","optional":true},"type":{"type":"string","description":"The type of comparison","description_kind":"plain","required":true},"unknowns":{"type":"string","description":"Any attributes that aren't yet supported by this provider but have meanwhile gotten introduced by a newer version of the Dynatrace REST API","description_kind":"plain","optional":true}},"description":"A comparison that's yet unknown to the provider. Operator and Value need to be encoded using the 'unknowns' property.","description_kind":"plain","deprecated":true}},"base_condition_key":{"nesting_mode":"list","block":{"attributes":{"attribute":{"type":"string","description":"The attribute to be used for comparision","description_kind":"plain","required":true},"type":{"type":"string","description":"Defines the actual set of fields depending on the value","description_kind":"plain","optional":true},"unknowns":{"type":"string","description":"Any attributes that aren't yet supported by this provider but have meanwhile gotten introduced by a newer version of the Dynatrace REST API","description_kind":"plain","optional":true}},"description":"Fallback for not yet known type","description_kind":"plain","deprecated":true}},"bitness":{"nesting_mode":"list","block":{"attributes":{"negate":{"type":"bool","description":"Reverses the operator. For example it turns EQUALS into DOES NOT EQUAL","description_kind":"plain","optional":true},"operator":{"type":"string","description":"Either EQUALS or EXISTS. You can reverse it by setting **negate** to `true`","description_kind":"plain","required":true},"unknowns":{"type":"string","description":"Any attributes that aren't yet supported by this provider but have meanwhile gotten introduced by a newer version of the Dynatrace REST API","description_kind":"plain","optional":true},"value":{"type":"string","description":"The value to compare to. Possible values are 32 and 64.","description_kind":"plain","optional":true}},"description":"Comparison for `BITNESS` attributes","description_kind":"plain"}},"bitness_comparision":{"nesting_mode":"list","block":{"attributes":{"negate":{"type":"bool","description":"Reverses the operator. For example it turns EQUALS into DOES NOT EQUAL","description_kind":"plain","optional":true},"operator":{"type":"string","description":"Either EQUALS or EXISTS. You can reverse it by setting **negate** to `true`","description_kind":"plain","required":true},"type":{"type":"string","description":"if specified, needs to be BITNESS","description_kind":"plain","deprecated":true,"optional":true},"unknowns":{"type":"string","description":"Any attributes that aren't yet supported by this provider but have meanwhile gotten introduced by a newer version of the Dynatrace REST API","description_kind":"plain","optional":true},"value":{"type":"string","description":"The value to compare to. Possible values are 32 and 64.","description_kind":"plain","optional":true}},"description":"Comparison for `BITNESS` attributes","description_kind":"plain","deprecated":true}},"cloud_type":{"nesting_mode":"list","block":{"attributes":{"negate":{"type":"bool","description":"Reverses the operator. For example it turns EQUALS into DOES NOT EQUAL","description_kind":"plain","optional":true},"operator":{"type":"string","description":"Either EQUALS or EXISTS. You can reverse it by setting **negate** to `true`","description_kind":"plain","required":true},"unknowns":{"type":"string","description":"Any attributes that aren't yet supported by this provider but have meanwhile gotten introduced by a newer version of the Dynatrace REST API","description_kind":"plain","optional":true},"value":{"type":"string","description":"The value to compare to. Possible values are AZURE, EC2, GOOGLE_CLOUD_PLATFORM, OPENSTACK, ORACLE and UNRECOGNIZED.","description_kind":"plain","optional":true}},"description":"Comparison for `CLOUD_TYPE` attributes","description_kind":"plain"}},"cloud_type_comparison":{"nesting_mode":"list","block":{"attributes":{"negate":{"type":"bool","description":"Reverses the operator. For example it turns EQUALS into DOES NOT EQUAL","description_kind":"plain","optional":true},"operator":{"type":"string","description":"Either EQUALS or EXISTS. You can reverse it by setting **negate** to `true`","description_kind":"plain","required":true},"type":{"type":"string","description":"if specified, needs to be CLOUD_TYPE","description_kind":"plain","deprecated":true,"optional":true},"unknowns":{"type":"string","description":"Any attributes that aren't yet supported by this provider but have meanwhile gotten introduced by a newer version of the Dynatrace REST API","description_kind":"plain","optional":true},"value":{"type":"string","description":"The value to compare to. Possible values are AZURE, EC2, GOOGLE_CLOUD_PLATFORM, OPENSTACK, ORACLE and UNRECOGNIZED.","description_kind":"plain","optional":true}},"description":"Comparison for `CLOUD_TYPE` attributes","description_kind":"plain","deprecated":true}},"comparison":{"nesting_mode":"list","block":{"attributes":{"negate":{"type":"bool","description":"Reverses the operator. For example it turns EQUALS into DOES NOT EQUAL","description_kind":"plain","optional":true},"type":{"type":"string","description":"The type of comparison","description_kind":"plain","required":true},"unknowns":{"type":"string","description":"Any attributes that aren't yet supported by this provider but have meanwhile gotten introduced by a newer version of the Dynatrace REST API","description_kind":"plain","optional":true}},"description":"A comparison that's yet unknown to the provider. Operator and Value need to be encoded using the 'unknowns' property.","description_kind":"plain"}},"custom_application_type":{"nesting_mode":"list","block":{"attributes":{"negate":{"type":"bool","description":"Reverses the operator. For example it turns EQUALS into DOES NOT EQUAL","description_kind":"plain","optional":true},"operator":{"type":"string","description":"Either EQUALS or EXISTS. You can reverse it by setting **negate** to `true`","description_kind":"plain","required":true},"unknowns":{"type":"string","description":"Any attributes that aren't yet supported by this provider but have meanwhile gotten introduced by a newer version of the Dynatrace REST API","description_kind":"plain","optional":true},"value":{"type":"string","description":"The value to compare to. Possible values are AMAZON_ECHO, DESKTOP, EMBEDDED, IOT, MICROSOFT_HOLOLENS and UFO.","description_kind":"plain","optional":true}},"description":"Comparison for `CUSTOM_APPLICATION_TYPE` attributes","description_kind":"plain"}},"custom_application_type_comparison":{"nesting_mode":"list","block":{"attributes":{"negate":{"type":"bool","description":"Reverses the operator. For example it turns EQUALS into DOES NOT EQUAL","description_kind":"plain","optional":true},"operator":{"type":"string","description":"Either EQUALS or EXISTS. You can reverse it by setting **negate** to `true`","description_kind":"plain","required":true},"type":{"type":"string","description":"if specified, needs to be CUSTOM_APPLICATION_TYPE","description_kind":"plain","deprecated":true,"optional":true},"unknowns":{"type":"string","description":"Any attributes that aren't yet supported by this provider but have meanwhile gotten introduced by a newer version of the Dynatrace REST API","description_kind":"plain","optional":true},"value":{"type":"string","description":"The value to compare to. Possible values are AMAZON_ECHO, DESKTOP, EMBEDDED, IOT, MICROSOFT_HOLOLENS and UFO.","description_kind":"plain","optional":true}},"description":"Comparison for `CUSTOM_APPLICATION_TYPE` attributes","description_kind":"plain","deprecated":true}},"custom_host_metadata":{"nesting_mode":"list","block":{"attributes":{"attribute":{"type":"string","description":"The attribute to be used for comparision","description_kind":"plain","required":true},"unknowns":{"type":"string","description":"Any attributes that aren't yet supported by this provider but have meanwhile gotten introduced by a newer version of the Dynatrace REST API","description_kind":"plain","optional":true}},"block_types":{"dynamic_key":{"nesting_mode":"list","block":{"attributes":{"key":{"type":"string","description":"The actual key of the custom metadata","description_kind":"plain","required":true},"source":{"type":"string","description":"The source of the custom metadata. Possible values are ENVIRONMENT, GOOGLE_COMPUTE_ENGINE and PLUGIN","description_kind":"plain","required":true},"unknowns":{"type":"string","description":"Any attributes that aren't yet supported by this provider but have meanwhile gotten introduced by a newer version of the Dynatrace REST API","description_kind":"plain","optional":true}},"description":"The key of the attribute, which need dynamic keys. Not applicable otherwise, as the attibute itself acts as a key","description_kind":"plain"},"min_items":1,"max_items":1}},"description":"Key for Custom Host Metadata","description_kind":"plain"}},"custom_host_metadata_condition_key":{"nesting_mode":"list","block":{"attributes":{"attribute":{"type":"string","description":"The attribute to be used for comparision","description_kind":"plain","required":true},"type":{"type":"string","description":"if specified, needs to be HOST_CUSTOM_METADATA_KEY","description_kind":"plain","deprecated":true,"optional":true},"unknowns":{"type":"string","description":"Any attributes that aren't yet supported by this provider but have meanwhile gotten introduced by a newer version of the Dynatrace REST API","description_kind":"plain","optional":true}},"block_types":{"dynamic_key":{"nesting_mode":"list","block":{"attributes":{"key":{"type":"string","description":"The actual key of the custom metadata","description_kind":"plain","required":true},"source":{"type":"string","description":"The source of the custom metadata. Possible values are ENVIRONMENT, GOOGLE_COMPUTE_ENGINE and PLUGIN","description_kind":"plain","required":true},"unknowns":{"type":"string","description":"Any attributes that aren't yet supported by this provider but have meanwhile gotten introduced by a newer version of the Dynatrace REST API","description_kind":"plain","optional":true}},"description":"The key of the attribute, which need dynamic keys. Not applicable otherwise, as the attibute itself acts as a key","description_kind":"plain"},"min_items":1,"max_items":1}},"description":"Key for Custom Host Metadata","description_kind":"plain","deprecated":true}},"custom_process_metadata":{"nesting_mode":"list","block":{"attributes":{"attribute":{"type":"string","description":"The attribute to be used for comparision","description_kind":"plain","required":true},"unknowns":{"type":"string","description":"Any attributes that aren't yet supported by this provider but have meanwhile gotten introduced by a newer version of the Dynatrace REST API","description_kind":"plain","optional":true}},"block_types":{"dynamic_key":{"nesting_mode":"list","block":{"attributes":{"key":{"type":"string","description":" The actual key of the custom metadata","description_kind":"plain","required":true},"source":{"type":"string","description":"The source of the custom metadata. Possible values are CLOUD_FOUNDRY, ENVIRONMENT, GOOGLE_CLOUD, KUBERNETES and PLUGIN","description_kind":"plain","required":true},"unknowns":{"type":"string","description":"Any attributes that aren't yet supported by this provider but have meanwhile gotten introduced by a newer version of the Dynatrace REST API","description_kind":"plain","optional":true}},"description":"The key of the attribute, which need dynamic keys. Not applicable otherwise, as the attibute itself acts as a key","description_kind":"plain"},"min_items":1,"max_items":1}},"description":"Key for Custom Process Metadata","description_kind":"plain"}},"custom_process_metadata_condition_key":{"nesting_mode":"list","block":{"attributes":{"attribute":{"type":"string","description":"The attribute to be used for comparision","description_kind":"plain","required":true},"type":{"type":"string","description":"if specified, needs to be PROCESS_CUSTOM_METADATA_KEY","description_kind":"plain","deprecated":true,"optional":true},"unknowns":{"type":"string","description":"Any attributes that aren't yet supported by this provider but have meanwhile gotten introduced by a newer version of the Dynatrace REST API","description_kind":"plain","optional":true}},"block_types":{"dynamic_key":{"nesting_mode":"list","block":{"attributes":{"key":{"type":"string","description":" The actual key of the custom metadata","description_kind":"plain","required":true},"source":{"type":"string","description":"The source of the custom metadata. Possible values are CLOUD_FOUNDRY, ENVIRONMENT, GOOGLE_CLOUD, KUBERNETES and PLUGIN","description_kind":"plain","required":true},"unknowns":{"type":"string","description":"Any attributes that aren't yet supported by this provider but have meanwhile gotten introduced by a newer version of the Dynatrace REST API","description_kind":"plain","optional":true}},"description":"The key of the attribute, which need dynamic keys. Not applicable otherwise, as the attibute itself acts as a key","description_kind":"plain"},"min_items":1,"max_items":1}},"description":"Key for Custom Process Metadata","description_kind":"plain","deprecated":true}},"database_topology":{"nesting_mode":"list","block":{"attributes":{"negate":{"type":"bool","description":"Reverses the operator. For example it turns EQUALS into DOES NOT EQUAL","description_kind":"plain","optional":true},"operator":{"type":"string","description":"Either EQUALS or EXISTS. You can reverse it by setting **negate** to `true`","description_kind":"plain","required":true},"unknowns":{"type":"string","description":"Any attributes that aren't yet supported by this provider but have meanwhile gotten introduced by a newer version of the Dynatrace REST API","description_kind":"plain","optional":true},"value":{"type":"string","description":"The value to compare to. Possible values are CLUSTER, EMBEDDED, FAILOVER, IPC, LOAD_BALANCING, SINGLE_SERVER and UNSPECIFIED.","description_kind":"plain","optional":true}},"description":"Comparison for `DATABASE_TOPOLOGY` attributes","description_kind":"plain"}},"database_topology_comparison":{"nesting_mode":"list","block":{"attributes":{"negate":{"type":"bool","description":"Reverses the operator. For example it turns EQUALS into DOES NOT EQUAL","description_kind":"plain","optional":true},"operator":{"type":"string","description":"Either EQUALS or EXISTS. You can reverse it by setting **negate** to `true`","description_kind":"plain","required":true},"type":{"type":"string","description":"if specified, needs to be DATABASE_TOPOLOGY","description_kind":"plain","deprecated":true,"optional":true},"unknowns":{"type":"string","description":"Any attributes that aren't yet supported by this provider but have meanwhile gotten introduced by a newer version of the Dynatrace REST API","description_kind":"plain","optional":true},"value":{"type":"string","description":"The value to compare to. Possible values are CLUSTER, EMBEDDED, FAILOVER, IPC, LOAD_BALANCING, SINGLE_SERVER and UNSPECIFIED.","description_kind":"plain","optional":true}},"description":"Comparison for `DATABASE_TOPOLOGY` attributes","description_kind":"plain","deprecated":true}},"dcrum_decoder":{"nesting_mode":"list","block":{"attributes":{"negate":{"type":"bool","description":"Reverses the operator. For example it turns EQUALS into DOES NOT EQUAL","description_kind":"plain","optional":true},"operator":{"type":"string","description":"Either EQUALS or EXISTS. You can reverse it by setting **negate** to `true`","description_kind":"plain","required":true},"unknowns":{"type":"string","description":"Any attributes that aren't yet supported by this provider but have meanwhile gotten introduced by a newer version of the Dynatrace REST API","description_kind":"plain","optional":true},"value":{"type":"string","description":"The value to compare to. Possible values are ALL_OTHER, CITRIX_APPFLOW, CITRIX_ICA, CITRIX_ICA_OVER_SSL, DB2_DRDA, HTTP, HTTPS, HTTP_EXPRESS, INFORMIX, MYSQL, ORACLE, SAP_GUI, SAP_GUI_OVER_HTTP, SAP_GUI_OVER_HTTPS, SAP_HANA_DB, SAP_RFC, SSL and TDS.","description_kind":"plain","optional":true}},"description":"Comparison for `DCRUM_DECODER_TYPE` attributes","description_kind":"plain"}},"dcrum_decoder_comparison":{"nesting_mode":"list","block":{"attributes":{"negate":{"type":"bool","description":"Reverses the operator. For example it turns EQUALS into DOES NOT EQUAL","description_kind":"plain","optional":true},"operator":{"type":"string","description":"Either EQUALS or EXISTS. You can reverse it by setting **negate** to `true`","description_kind":"plain","required":true},"type":{"type":"string","description":"if specified, needs to be DCRUM_DECODER_TYPE","description_kind":"plain","deprecated":true,"optional":true},"unknowns":{"type":"string","description":"Any attributes that aren't yet supported by this provider but have meanwhile gotten introduced by a newer version of the Dynatrace REST API","description_kind":"plain","optional":true},"value":{"type":"string","description":"The value to compare to. Possible values are ALL_OTHER, CITRIX_APPFLOW, CITRIX_ICA, CITRIX_ICA_OVER_SSL, DB2_DRDA, HTTP, HTTPS, HTTP_EXPRESS, INFORMIX, MYSQL, ORACLE, SAP_GUI, SAP_GUI_OVER_HTTP, SAP_GUI_OVER_HTTPS, SAP_HANA_DB, SAP_RFC, SSL and TDS.","description_kind":"plain","optional":true}},"description":"Comparison for `DCRUM_DECODER_TYPE` attributes","description_kind":"plain","deprecated":true}},"entity":{"nesting_mode":"list","block":{"attributes":{"negate":{"type":"bool","description":"Reverses the operator. For example it turns EQUALS into DOES NOT EQUAL","description_kind":"plain","optional":true},"operator":{"type":"string","description":"Currently only EQUALS is supported. You can reverse it by setting **negate** to `true`","description_kind":"plain","required":true},"unknowns":{"type":"string","description":"Any attributes that aren't yet supported by this provider but have meanwhile gotten introduced by a newer version of the Dynatrace REST API","description_kind":"plain","optional":true},"value":{"type":"string","description":"The value to compare to","description_kind":"plain","optional":true}},"description":"Comparison for `ENTITY_ID` attributes","description_kind":"plain"}},"entity_id_comparison":{"nesting_mode":"list","block":{"attributes":{"negate":{"type":"bool","description":"Reverses the operator. For example it turns EQUALS into DOES NOT EQUAL","description_kind":"plain","optional":true},"operator":{"type":"string","description":"Currently only EQUALS is supported. You can reverse it by setting **negate** to `true`","description_kind":"plain","required":true},"type":{"type":"string","description":"if specified, needs to be ENTITY_ID","description_kind":"plain","deprecated":true,"optional":true},"unknowns":{"type":"string","description":"Any attributes that aren't yet supported by this provider but have meanwhile gotten introduced by a newer version of the Dynatrace REST API","description_kind":"plain","optional":true},"value":{"type":"string","description":"The value to compare to","description_kind":"plain","optional":true}},"description":"Comparison for `ENTITY_ID` attributes","description_kind":"plain","deprecated":true}},"host_tech":{"nesting_mode":"list","block":{"attributes":{"negate":{"type":"bool","description":"Reverses the operator. For example it turns the **begins with** into **does not begin with**","description_kind":"plain","optional":true},"operator":{"type":"string","description":"Operator of the comparison. Possible values are EQUALS and EXISTS. You can reverse it by setting **negate** to `true`","description_kind":"plain","required":true},"unknowns":{"type":"string","description":"Any attributes that aren't yet supported by this provider","description_kind":"plain","optional":true}},"block_types":{"value":{"nesting_mode":"list","block":{"attributes":{"type":{"type":"string","description":"Predefined technology, if technology is not predefined, then the verbatim type must be set. Possible values are APPARMOR, BOSH, BOSHBPM, CLOUDFOUNDRY, CONTAINERD, CRIO, DIEGO_CELL, DOCKER, GARDEN, GRSECURITY, KUBERNETES, OPENSHIFT, OPENSTACK_COMPUTE, OPENSTACK_CONTROLLER and SELINUX","description_kind":"plain","optional":true},"unknowns":{"type":"string","description":"Any attributes that aren't yet supported by this provider","description_kind":"plain","optional":true},"verbatim_type":{"type":"string","description":"Non-predefined technology, use for custom technologies","description_kind":"plain","optional":true}},"description":"The value to compare to","description_kind":"plain"},"max_items":1}},"description":"Comparison for `SIMPLE_HOST_TECH` attributes","description_kind":"plain"}},"hypervisor":{"nesting_mode":"list","block":{"attributes":{"negate":{"type":"bool","description":"Reverses the operator. For example it turns EQUALS into DOES NOT EQUAL","description_kind":"plain","optional":true},"operator":{"type":"string","description":"Either EQUALS or EXISTS. You can reverse it by setting **negate** to `true`","description_kind":"plain","required":true},"unknowns":{"type":"string","description":"Any attributes that aren't yet supported by this provider but have meanwhile gotten introduced by a newer version of the Dynatrace REST API","description_kind":"plain","optional":true},"value":{"type":"string","description":"The value to compare to. Possible values are AHV, HYPER_V, KVM, LPAR, QEMU, VIRTUAL_BOX, VMWARE, WPAR and XEN.","description_kind":"plain","optional":true}},"description":"Comparison for `HYPERVISOR_TYPE` attributes","description_kind":"plain"}},"hypervisor_type_comparision":{"nesting_mode":"list","block":{"attributes":{"negate":{"type":"bool","description":"Reverses the operator. For example it turns EQUALS into DOES NOT EQUAL","description_kind":"plain","optional":true},"operator":{"type":"string","description":"Either EQUALS or EXISTS. You can reverse it by setting **negate** to `true`","description_kind":"plain","required":true},"type":{"type":"string","description":"if specified, needs to be HYPERVISOR_TYPE","description_kind":"plain","deprecated":true,"optional":true},"unknowns":{"type":"string","description":"Any attributes that aren't yet supported by this provider but have meanwhile gotten introduced by a newer version of the Dynatrace REST API","description_kind":"plain","optional":true},"value":{"type":"string","description":"The value to compare to. Possible values are AHV, HYPER_V, KVM, LPAR, QEMU, VIRTUAL_BOX, VMWARE, WPAR and XEN.","description_kind":"plain","optional":true}},"description":"`hypervisor_type_comparision` is deprecated. Use `hypervisor` instead","description_kind":"plain","deprecated":true}},"indexed_name":{"nesting_mode":"list","block":{"attributes":{"negate":{"type":"bool","description":"Reverses the operator. For example it turns EQUALS into DOES NOT EQUAL","description_kind":"plain","optional":true},"operator":{"type":"string","description":"Either EQUALS, CONTAINS or EXISTS. You can reverse it by setting **negate** to `true`","description_kind":"plain","required":true},"unknowns":{"type":"string","description":"Any attributes that aren't yet supported by this provider but have meanwhile gotten introduced by a newer version of the Dynatrace REST API","description_kind":"plain","optional":true},"value":{"type":"string","description":"The value to compare to","description_kind":"plain","optional":true}},"description":"Comparison for `INDEXED_NAME` attributes","description_kind":"plain"}},"indexed_name_comparison":{"nesting_mode":"list","block":{"attributes":{"negate":{"type":"bool","description":"Reverses the operator. For example it turns EQUALS into DOES NOT EQUAL","description_kind":"plain","optional":true},"operator":{"type":"string","description":"Either EQUALS, CONTAINS or EXISTS. You can reverse it by setting **negate** to `true`","description_kind":"plain","required":true},"type":{"type":"string","description":"if specified, needs to be INDEXED_NAME","description_kind":"plain","deprecated":true,"optional":true},"unknowns":{"type":"string","description":"Any attributes that aren't yet supported by this provider but have meanwhile gotten introduced by a newer version of the Dynatrace REST API","description_kind":"plain","optional":true},"value":{"type":"string","description":"The value to compare to","description_kind":"plain","optional":true}},"description":"Comparison for `INDEXED_NAME` attributes","description_kind":"plain","deprecated":true}},"indexed_string":{"nesting_mode":"list","block":{"attributes":{"negate":{"type":"bool","description":"Reverses the operator. For example it turns EQUALS into DOES NOT EQUAL","description_kind":"plain","optional":true},"operator":{"type":"string","description":"Either EQUALS or EXISTS. You can reverse it by setting **negate** to `true`","description_kind":"plain","required":true},"unknowns":{"type":"string","description":"Any attributes that aren't yet supported by this provider but have meanwhile gotten introduced by a newer version of the Dynatrace REST API","description_kind":"plain","optional":true},"value":{"type":"string","description":"The value to compare to","description_kind":"plain","optional":true}},"description":"Comparison for `INDEXED_STRING` attributes","description_kind":"plain"}},"indexed_string_comparison":{"nesting_mode":"list","block":{"attributes":{"negate":{"type":"bool","description":"Reverses the operator. For example it turns EQUALS into DOES NOT EQUAL","description_kind":"plain","optional":true},"operator":{"type":"string","description":"Either EQUALS or EXISTS. You can reverse it by setting **negate** to `true`","description_kind":"plain","required":true},"type":{"type":"string","description":"if specified, needs to be INDEXED_STRING","description_kind":"plain","deprecated":true,"optional":true},"unknowns":{"type":"string","description":"Any attributes that aren't yet supported by this provider but have meanwhile gotten introduced by a newer version of the Dynatrace REST API","description_kind":"plain","optional":true},"value":{"type":"string","description":"The value to compare to","description_kind":"plain","optional":true}},"description":"Comparison for `INDEXED_STRING` attributes","description_kind":"plain","deprecated":true}},"indexed_tag":{"nesting_mode":"list","block":{"attributes":{"negate":{"type":"bool","description":"Reverses the operator. For example it turns EQUALS into DOES NOT EQUAL","description_kind":"plain","optional":true},"operator":{"type":"string","description":"Either EQUALS or EXISTS. You can reverse it by setting **negate** to `true`","description_kind":"plain","required":true},"unknowns":{"type":"string","description":"Any attributes that aren't yet supported by this provider but have meanwhile gotten introduced by a newer version of the Dynatrace REST API","description_kind":"plain","optional":true}},"block_types":{"value":{"nesting_mode":"list","block":{"attributes":{"context":{"type":"string","description":"The origin of the tag, such as AWS or Cloud Foundry. Possible values are AWS, AWS_GENERIC, AZURE, CLOUD_FOUNDRY, CONTEXTLESS, ENVIRONMENT, GOOGLE_CLOUD and KUBERNETES. Custom tags use the `CONTEXTLESS` value","description_kind":"plain","required":true},"key":{"type":"string","description":"The key of the tag. Custom tags have the tag value here","description_kind":"plain","required":true},"unknowns":{"type":"string","description":"Any attributes that aren't yet supported by this provider but have meanwhile gotten introduced by a newer version of the Dynatrace REST API","description_kind":"plain","optional":true},"value":{"type":"string","description":"The value of the tag. Not applicable to custom tags","description_kind":"plain","optional":true}},"description":"Tag of a Dynatrace entity","description_kind":"plain"},"max_items":1}},"description":"Comparison for `INDEXED_TAG` attributes","description_kind":"plain"}},"indexed_tag_comparison":{"nesting_mode":"list","block":{"attributes":{"negate":{"type":"bool","description":"Reverses the operator. For example it turns EQUALS into DOES NOT EQUAL","description_kind":"plain","optional":true},"operator":{"type":"string","description":"Either EQUALS or EXISTS. You can reverse it by setting **negate** to `true`","description_kind":"plain","required":true},"type":{"type":"string","description":"if specified, needs to be INDEXED_TAG","description_kind":"plain","deprecated":true,"optional":true},"unknowns":{"type":"string","description":"Any attributes that aren't yet supported by this provider but have meanwhile gotten introduced by a newer version of the Dynatrace REST API","description_kind":"plain","optional":true}},"block_types":{"value":{"nesting_mode":"list","block":{"attributes":{"context":{"type":"string","description":"The origin of the tag, such as AWS or Cloud Foundry. Possible values are AWS, AWS_GENERIC, AZURE, CLOUD_FOUNDRY, CONTEXTLESS, ENVIRONMENT, GOOGLE_CLOUD and KUBERNETES. Custom tags use the `CONTEXTLESS` value","description_kind":"plain","required":true},"key":{"type":"string","description":"The key of the tag. Custom tags have the tag value here","description_kind":"plain","required":true},"unknowns":{"type":"string","description":"Any attributes that aren't yet supported by this provider but have meanwhile gotten introduced by a newer version of the Dynatrace REST API","description_kind":"plain","optional":true},"value":{"type":"string","description":"The value of the tag. Not applicable to custom tags","description_kind":"plain","optional":true}},"description":"Tag of a Dynatrace entity","description_kind":"plain"},"max_items":1}},"description":"Comparison for `INDEXED_TAG` attributes","description_kind":"plain","deprecated":true}},"integer":{"nesting_mode":"list","block":{"attributes":{"negate":{"type":"bool","description":"Reverses the operator. For example it turns the **begins with** into **does not begin with**","description_kind":"plain","optional":true},"operator":{"type":"string","description":"Operator of the comparison. Possible values are EQUALS, EXISTS, GREATER_THAN, GREATER_THAN_OR_EQUAL, LOWER_THAN and LOWER_THAN_OR_EQUAL. You can reverse it by setting **negate** to `true`","description_kind":"plain","required":true},"unknowns":{"type":"string","description":"Any attributes that aren't yet supported by this provider","description_kind":"plain","optional":true},"value":{"type":"number","description":"The value to compare to","description_kind":"plain","optional":true}},"description":"Comparison for `INTEGER` attributes","description_kind":"plain"}},"integer_comparison":{"nesting_mode":"list","block":{"attributes":{"negate":{"type":"bool","description":"Reverses the operator. For example it turns the **begins with** into **does not begin with**","description_kind":"plain","optional":true},"operator":{"type":"string","description":"Operator of the comparison. Possible values are EQUALS, EXISTS, GREATER_THAN, GREATER_THAN_OR_EQUAL, LOWER_THAN and LOWER_THAN_OR_EQUAL. You can reverse it by setting **negate** to `true`","description_kind":"plain","required":true},"type":{"type":"string","description":"if specified, needs to be INTEGER","description_kind":"plain","deprecated":true,"optional":true},"unknowns":{"type":"string","description":"Any attributes that aren't yet supported by this provider","description_kind":"plain","optional":true},"value":{"type":"number","description":"The value to compare to","description_kind":"plain","optional":true}},"description":"Comparison for `INTEGER` attributes","description_kind":"plain","deprecated":true}},"ipaddress":{"nesting_mode":"list","block":{"attributes":{"case_sensitive":{"type":"bool","description":" The comparison is case-sensitive (`true`) or insensitive (`false`)","description_kind":"plain","optional":true},"negate":{"type":"bool","description":"Reverses the operator. For example it turns the **begins with** into **does not begin with**","description_kind":"plain","optional":true},"operator":{"type":"string","description":"Operator of the comparison. Possible values are BEGINS_WITH, CONTAINS, ENDS_WITH, EQUALS, EXISTS, IS_IP_IN_RANGE and REGEX_MATCHES. You can reverse it by setting **negate** to `true`","description_kind":"plain","required":true},"unknowns":{"type":"string","description":"Any attributes that aren't yet supported by this provider","description_kind":"plain","optional":true},"value":{"type":"string","description":"The value to compare to","description_kind":"plain","optional":true}},"description":"Comparison for `IP_ADDRESS` attributes","description_kind":"plain"}},"ipaddress_comparison":{"nesting_mode":"list","block":{"attributes":{"case_sensitive":{"type":"bool","description":" The comparison is case-sensitive (`true`) or insensitive (`false`)","description_kind":"plain","optional":true},"negate":{"type":"bool","description":"Reverses the operator. For example it turns the **begins with** into **does not begin with**","description_kind":"plain","optional":true},"operator":{"type":"string","description":"Operator of the comparison. Possible values are BEGINS_WITH, CONTAINS, ENDS_WITH, EQUALS, EXISTS, IS_IP_IN_RANGE and REGEX_MATCHES. You can reverse it by setting **negate** to `true`","description_kind":"plain","required":true},"type":{"type":"string","description":"if specified, needs to be IP_ADDRESS","description_kind":"plain","deprecated":true,"optional":true},"unknowns":{"type":"string","description":"Any attributes that aren't yet supported by this provider","description_kind":"plain","optional":true},"value":{"type":"string","description":"The value to compare to","description_kind":"plain","optional":true}},"description":"Comparison for `IP_ADDRESS` attributes","description_kind":"plain","deprecated":true}},"key":{"nesting_mode":"list","block":{"attributes":{"attribute":{"type":"string","description":"The attribute to be used for comparision","description_kind":"plain","required":true},"type":{"type":"string","description":"Defines the actual set of fields depending on the value","description_kind":"plain","optional":true},"unknowns":{"type":"string","description":"Any attributes that aren't yet supported by this provider but have meanwhile gotten introduced by a newer version of the Dynatrace REST API","description_kind":"plain","optional":true}},"description":"Fallback for not yet known type","description_kind":"plain"}},"mobile_platform":{"nesting_mode":"list","block":{"attributes":{"negate":{"type":"bool","description":"Reverses the operator. For example it turns the **begins with** into **does not begin with**","description_kind":"plain","optional":true},"operator":{"type":"string","description":"Operator of the comparison. Possible values are EQUALS and EXISTS. You can reverse it by setting **negate** to `true`","description_kind":"plain","required":true},"unknowns":{"type":"string","description":"Any attributes that aren't yet supported by this provider","description_kind":"plain","optional":true},"value":{"type":"string","description":"The value to compare to. Possible values are ANDROID, IOS, LINUX, MAC_OS, OTHER, TVOS and WINDOWS.","description_kind":"plain","optional":true}},"description":"Comparison for `MOBILE_PLATFORM` attributes","description_kind":"plain"}},"mobile_platform_comparison":{"nesting_mode":"list","block":{"attributes":{"negate":{"type":"bool","description":"Reverses the operator. For example it turns the **begins with** into **does not begin with**","description_kind":"plain","optional":true},"operator":{"type":"string","description":"Operator of the comparison. Possible values are EQUALS and EXISTS. You can reverse it by setting **negate** to `true`","description_kind":"plain","required":true},"type":{"type":"string","description":"if specified, needs to be MOBILE_PLATFORM","description_kind":"plain","deprecated":true,"optional":true},"unknowns":{"type":"string","description":"Any attributes that aren't yet supported by this provider","description_kind":"plain","optional":true},"value":{"type":"string","description":"The value to compare to. Possible values are ANDROID, IOS, LINUX, MAC_OS, OTHER, TVOS and WINDOWS.","description_kind":"plain","optional":true}},"description":"Comparison for `MOBILE_PLATFORM` attributes","description_kind":"plain","deprecated":true}},"os_arch":{"nesting_mode":"list","block":{"attributes":{"negate":{"type":"bool","description":"Reverses the operator. For example it turns the **begins with** into **does not begin with**","description_kind":"plain","optional":true},"operator":{"type":"string","description":"Operator of the comparison. Possible values are EQUALS and EXISTS. You can reverse it by setting **negate** to `true`","description_kind":"plain","required":true},"unknowns":{"type":"string","description":"Any attributes that aren't yet supported by this provider","description_kind":"plain","optional":true},"value":{"type":"string","description":"The value to compare to. Possible values are ARM, IA64, PARISC, PPC, PPCLE, S390, SPARC, X86 and ZOS.","description_kind":"plain","optional":true}},"description":"Comparison for `OS_ARCHITECTURE` attributes","description_kind":"plain"}},"os_type":{"nesting_mode":"list","block":{"attributes":{"negate":{"type":"bool","description":"Reverses the operator. For example it turns the **begins with** into **does not begin with**","description_kind":"plain","optional":true},"operator":{"type":"string","description":"Operator of the comparison. Possible values are EQUALS and EXISTS. You can reverse it by setting **negate** to `true`","description_kind":"plain","required":true},"unknowns":{"type":"string","description":"Any attributes that aren't yet supported by this provider","description_kind":"plain","optional":true},"value":{"type":"string","description":"The value to compare to. Possible values are AIX, DARWIN, HPUX, LINUX, SOLARIS, WINDOWS and ZOS.","description_kind":"plain","optional":true}},"description":"Comparison for `OS_TYPE` attributes","description_kind":"plain"}},"osarchitecture_comparison":{"nesting_mode":"list","block":{"attributes":{"negate":{"type":"bool","description":"Reverses the operator. For example it turns the **begins with** into **does not begin with**","description_kind":"plain","optional":true},"operator":{"type":"string","description":"Operator of the comparison. Possible values are EQUALS and EXISTS. You can reverse it by setting **negate** to `true`","description_kind":"plain","required":true},"type":{"type":"string","description":"if specified, needs to be OS_ARCHITECTURE","description_kind":"plain","deprecated":true,"optional":true},"unknowns":{"type":"string","description":"Any attributes that aren't yet supported by this provider","description_kind":"plain","optional":true},"value":{"type":"string","description":"The value to compare to. Possible values are ARM, IA64, PARISC, PPC, PPCLE, S390, SPARC, X86 and ZOS.","description_kind":"plain","optional":true}},"description":"Comparison for `OS_ARCHITECTURE` attributes","description_kind":"plain","deprecated":true}},"ostype_comparison":{"nesting_mode":"list","block":{"attributes":{"negate":{"type":"bool","description":"Reverses the operator. For example it turns the **begins with** into **does not begin with**","description_kind":"plain","optional":true},"operator":{"type":"string","description":"Operator of the comparison. Possible values are EQUALS and EXISTS. You can reverse it by setting **negate** to `true`","description_kind":"plain","required":true},"type":{"type":"string","description":"if specified, needs to be OS_TYPE","description_kind":"plain","deprecated":true,"optional":true},"unknowns":{"type":"string","description":"Any attributes that aren't yet supported by this provider","description_kind":"plain","optional":true},"value":{"type":"string","description":"The value to compare to. Possible values are AIX, DARWIN, HPUX, LINUX, SOLARIS, WINDOWS and ZOS.","description_kind":"plain","optional":true}},"description":"Comparison for `OS_TYPE` attributes","description_kind":"plain","deprecated":true}},"paas_type":{"nesting_mode":"list","block":{"attributes":{"negate":{"type":"bool","description":"Reverses the operator. For example it turns the **begins with** into **does not begin with**","description_kind":"plain","optional":true},"operator":{"type":"string","description":"Operator of the comparison. Possible values are EQUALS and EXISTS. You can reverse it by setting **negate** to `true`","description_kind":"plain","required":true},"unknowns":{"type":"string","description":"Any attributes that aren't yet supported by this provider","description_kind":"plain","optional":true},"value":{"type":"string","description":"The value to compare to. Possible values are AWS_ECS_EC2, AWS_ECS_FARGATE, AWS_LAMBDA, AZURE_FUNCTIONS, AZURE_WEBSITES, CLOUD_FOUNDRY, GOOGLE_APP_ENGINE, HEROKU, KUBERNETES and OPENSHIFT.","description_kind":"plain","optional":true}},"description":"Comparison for `PAAS_TYPE` attributes","description_kind":"plain"}},"paas_type_comparison":{"nesting_mode":"list","block":{"attributes":{"negate":{"type":"bool","description":"Reverses the operator. For example it turns the **begins with** into **does not begin with**","description_kind":"plain","optional":true},"operator":{"type":"string","description":"Operator of the comparison. Possible values are EQUALS and EXISTS. You can reverse it by setting **negate** to `true`","description_kind":"plain","required":true},"type":{"type":"string","description":"if specified, needs to be PAAS_TYPE","description_kind":"plain","deprecated":true,"optional":true},"unknowns":{"type":"string","description":"Any attributes that aren't yet supported by this provider","description_kind":"plain","optional":true},"value":{"type":"string","description":"The value to compare to. Possible values are AWS_ECS_EC2, AWS_ECS_FARGATE, AWS_LAMBDA, AZURE_FUNCTIONS, AZURE_WEBSITES, CLOUD_FOUNDRY, GOOGLE_APP_ENGINE, HEROKU, KUBERNETES and OPENSHIFT.","description_kind":"plain","optional":true}},"description":"Comparison for `PAAS_TYPE` attributes","description_kind":"plain","deprecated":true}},"process_metadata":{"nesting_mode":"list","block":{"attributes":{"attribute":{"type":"string","description":"The attribute to be used for comparision","description_kind":"plain","required":true},"dynamic_key":{"type":"string","description":"The key of the attribute, which need dynamic keys. Not applicable otherwise, as the attibute itself acts as a key. Possible values are AMAZON_ECR_IMAGE_ACCOUNT_ID,AMAZON_ECR_IMAGE_REGION, AMAZON_LAMBDA_FUNCTION_NAME, AMAZON_REGION, APACHE_CONFIG_PATH, APACHE_SPARK_MASTER_IP_ADDRESS, ASP_DOT_NET_CORE_APPLICATION_PATH, AWS_ECS_CLUSTER, AWS_ECS_CONTAINERNAME, AWS_ECS_FAMILY, AWS_ECS_REVISION, CASSANDRA_CLUSTER_NAME, CATALINA_BASE, CATALINA_HOME, CLOUD_FOUNDRY_APP_ID, CLOUD_FOUNDRY_APP_NAME, CLOUD_FOUNDRY_INSTANCE_INDEX, CLOUD_FOUNDRY_SPACE_ID, CLOUD_FOUNDRY_SPACE_NAME, COLDFUSION_JVM_CONFIG_FILE, COLDFUSION_SERVICE_NAME, COMMAND_LINE_ARGS, DOTNET_COMMAND, DOTNET_COMMAND_PATH, DYNATRACE_CLUSTER_ID, DYNATRACE_NODE_ID, ELASTICSEARCH_CLUSTER_NAME, ELASTICSEARCH_NODE_NAME, EQUINOX_CONFIG_PATH, EXE_NAME, EXE_PATH, GLASS_FISH_DOMAIN_NAME, GLASS_FISH_INSTANCE_NAME, GOOGLE_APP_ENGINE_INSTANCE, GOOGLE_APP_ENGINE_SERVICE, GOOGLE_CLOUD_PROJECT, HYBRIS_BIN_DIRECTORY, HYBRIS_CONFIG_DIRECTORY, HYBRIS_DATA_DIRECTORY, IBM_CICS_REGION, IBM_CTG_NAME, IBM_IMS_CONNECT_REGION, IBM_IMS_CONTROL_REGION, IBM_IMS_MESSAGE_PROCESSING_REGION, IBM_IMS_SOAP_GW_NAME, IBM_INTEGRATION_NODE_NAME, IBM_INTEGRATION_SERVER_NAME, IIS_APP_POOL, IIS_ROLE_NAME, JAVA_JAR_FILE, JAVA_JAR_PATH, JAVA_MAIN_CLASS, JAVA_MAIN_MODULE, JBOSS_HOME, JBOSS_MODE, JBOSS_SERVER_NAME, KUBERNETES_BASE_POD_NAME, KUBERNETES_CONTAINER_NAME, KUBERNETES_FULL_POD_NAME, KUBERNETES_NAMESPACE, KUBERNETES_POD_UID, MSSQL_INSTANCE_NAME, NODE_JS_APP_BASE_DIRECTORY, NODE_JS_APP_NAME, NODE_JS_SCRIPT_NAME, ORACLE_SID, PG_ID_CALC_INPUT_KEY_LINKAGE, PHP_SCRIPT_PATH, PHP_WORKING_DIRECTORY, RUBY_APP_ROOT_PATH, RUBY_SCRIPT_PATH, RULE_RESULT, SOFTWAREAG_INSTALL_ROOT, SOFTWAREAG_PRODUCTPROPNAME, SPRINGBOOT_APP_NAME, SPRINGBOOT_PROFILE_NAME, SPRINGBOOT_STARTUP_CLASS, TIBCO_BUSINESSWORKS_CE_APP_NAME, TIBCO_BUSINESSWORKS_CE_VERSION, TIBCO_BUSINESS_WORKS_APP_NODE_NAME, TIBCO_BUSINESS_WORKS_APP_SPACE_NAME, TIBCO_BUSINESS_WORKS_DOMAIN_NAME, TIBCO_BUSINESS_WORKS_ENGINE_PROPERTY_FILE, TIBCO_BUSINESS_WORKS_ENGINE_PROPERTY_FILE_PATH, TIBCO_BUSINESS_WORKS_HOME, VARNISH_INSTANCE_NAME, WEB_LOGIC_CLUSTER_NAME, WEB_LOGIC_DOMAIN_NAME, WEB_LOGIC_HOME, WEB_LOGIC_NAME, WEB_SPHERE_CELL_NAME, WEB_SPHERE_CLUSTER_NAME, WEB_SPHERE_NODE_NAME and WEB_SPHERE_SERVER_NAME","description_kind":"plain","required":true},"unknowns":{"type":"string","description":"Any attributes that aren't yet supported by this provider but have meanwhile gotten introduced by a newer version of the Dynatrace REST API","description_kind":"plain","optional":true}},"description":"The key for dynamic attributes of the `PROCESS_PREDEFINED_METADATA_KEY` type","description_kind":"plain"}},"process_metadata_condition_key":{"nesting_mode":"list","block":{"attributes":{"attribute":{"type":"string","description":"The attribute to be used for comparision","description_kind":"plain","required":true},"dynamic_key":{"type":"string","description":"The key of the attribute, which need dynamic keys. Not applicable otherwise, as the attibute itself acts as a key. Possible values are AMAZON_ECR_IMAGE_ACCOUNT_ID,AMAZON_ECR_IMAGE_REGION, AMAZON_LAMBDA_FUNCTION_NAME, AMAZON_REGION, APACHE_CONFIG_PATH, APACHE_SPARK_MASTER_IP_ADDRESS, ASP_DOT_NET_CORE_APPLICATION_PATH, AWS_ECS_CLUSTER, AWS_ECS_CONTAINERNAME, AWS_ECS_FAMILY, AWS_ECS_REVISION, CASSANDRA_CLUSTER_NAME, CATALINA_BASE, CATALINA_HOME, CLOUD_FOUNDRY_APP_ID, CLOUD_FOUNDRY_APP_NAME, CLOUD_FOUNDRY_INSTANCE_INDEX, CLOUD_FOUNDRY_SPACE_ID, CLOUD_FOUNDRY_SPACE_NAME, COLDFUSION_JVM_CONFIG_FILE, COLDFUSION_SERVICE_NAME, COMMAND_LINE_ARGS, DOTNET_COMMAND, DOTNET_COMMAND_PATH, DYNATRACE_CLUSTER_ID, DYNATRACE_NODE_ID, ELASTICSEARCH_CLUSTER_NAME, ELASTICSEARCH_NODE_NAME, EQUINOX_CONFIG_PATH, EXE_NAME, EXE_PATH, GLASS_FISH_DOMAIN_NAME, GLASS_FISH_INSTANCE_NAME, GOOGLE_APP_ENGINE_INSTANCE, GOOGLE_APP_ENGINE_SERVICE, GOOGLE_CLOUD_PROJECT, HYBRIS_BIN_DIRECTORY, HYBRIS_CONFIG_DIRECTORY, HYBRIS_DATA_DIRECTORY, IBM_CICS_REGION, IBM_CTG_NAME, IBM_IMS_CONNECT_REGION, IBM_IMS_CONTROL_REGION, IBM_IMS_MESSAGE_PROCESSING_REGION, IBM_IMS_SOAP_GW_NAME, IBM_INTEGRATION_NODE_NAME, IBM_INTEGRATION_SERVER_NAME, IIS_APP_POOL, IIS_ROLE_NAME, JAVA_JAR_FILE, JAVA_JAR_PATH, JAVA_MAIN_CLASS, JAVA_MAIN_MODULE, JBOSS_HOME, JBOSS_MODE, JBOSS_SERVER_NAME, KUBERNETES_BASE_POD_NAME, KUBERNETES_CONTAINER_NAME, KUBERNETES_FULL_POD_NAME, KUBERNETES_NAMESPACE, KUBERNETES_POD_UID, MSSQL_INSTANCE_NAME, NODE_JS_APP_BASE_DIRECTORY, NODE_JS_APP_NAME, NODE_JS_SCRIPT_NAME, ORACLE_SID, PG_ID_CALC_INPUT_KEY_LINKAGE, PHP_SCRIPT_PATH, PHP_WORKING_DIRECTORY, RUBY_APP_ROOT_PATH, RUBY_SCRIPT_PATH, RULE_RESULT, SOFTWAREAG_INSTALL_ROOT, SOFTWAREAG_PRODUCTPROPNAME, SPRINGBOOT_APP_NAME, SPRINGBOOT_PROFILE_NAME, SPRINGBOOT_STARTUP_CLASS, TIBCO_BUSINESSWORKS_CE_APP_NAME, TIBCO_BUSINESSWORKS_CE_VERSION, TIBCO_BUSINESS_WORKS_APP_NODE_NAME, TIBCO_BUSINESS_WORKS_APP_SPACE_NAME, TIBCO_BUSINESS_WORKS_DOMAIN_NAME, TIBCO_BUSINESS_WORKS_ENGINE_PROPERTY_FILE, TIBCO_BUSINESS_WORKS_ENGINE_PROPERTY_FILE_PATH, TIBCO_BUSINESS_WORKS_HOME, VARNISH_INSTANCE_NAME, WEB_LOGIC_CLUSTER_NAME, WEB_LOGIC_DOMAIN_NAME, WEB_LOGIC_HOME, WEB_LOGIC_NAME, WEB_SPHERE_CELL_NAME, WEB_SPHERE_CLUSTER_NAME, WEB_SPHERE_NODE_NAME and WEB_SPHERE_SERVER_NAME","description_kind":"plain","required":true},"type":{"type":"string","description":"if specified, needs to be PROCESS_PREDEFINED_METADATA_KEY","description_kind":"plain","deprecated":true,"optional":true},"unknowns":{"type":"string","description":"Any attributes that aren't yet supported by this provider but have meanwhile gotten introduced by a newer version of the Dynatrace REST API","description_kind":"plain","optional":true}},"description":"The key for dynamic attributes of the `PROCESS_PREDEFINED_METADATA_KEY` type","description_kind":"plain","deprecated":true}},"service_topology":{"nesting_mode":"list","block":{"attributes":{"negate":{"type":"bool","description":"Reverses the operator. For example it turns the **begins with** into **does not begin with**","description_kind":"plain","optional":true},"operator":{"type":"string","description":"Operator of the comparison. Possible values are EQUALS and EXISTS. You can reverse it by setting **negate** to `true`","description_kind":"plain","required":true},"unknowns":{"type":"string","description":"Any attributes that aren't yet supported by this provider","description_kind":"plain","optional":true},"value":{"type":"string","description":"The value to compare to. Possible values are EXTERNAL_SERVICE, FULLY_MONITORED and OPAQUE_SERVICE.","description_kind":"plain","optional":true}},"description":"Comparison for `SERVICE_TOPOLOGY` attributes","description_kind":"plain"}},"service_topology_comparison":{"nesting_mode":"list","block":{"attributes":{"negate":{"type":"bool","description":"Reverses the operator. For example it turns the **begins with** into **does not begin with**","description_kind":"plain","optional":true},"operator":{"type":"string","description":"Operator of the comparison. Possible values are EQUALS and EXISTS. You can reverse it by setting **negate** to `true`","description_kind":"plain","required":true},"type":{"type":"string","description":"if specified, needs to be SERVICE_TOPOLOGY","description_kind":"plain","deprecated":true,"optional":true},"unknowns":{"type":"string","description":"Any attributes that aren't yet supported by this provider","description_kind":"plain","optional":true},"value":{"type":"string","description":"The value to compare to. Possible values are EXTERNAL_SERVICE, FULLY_MONITORED and OPAQUE_SERVICE.","description_kind":"plain","optional":true}},"description":"Comparison for `SERVICE_TOPOLOGY` attributes","description_kind":"plain","deprecated":true}},"service_type":{"nesting_mode":"list","block":{"attributes":{"negate":{"type":"bool","description":"Reverses the operator. For example it turns the **begins with** into **does not begin with**","description_kind":"plain","optional":true},"operator":{"type":"string","description":"Operator of the comparison. Possible values are EQUALS and EXISTS. You can reverse it by setting **negate** to `true`","description_kind":"plain","required":true},"unknowns":{"type":"string","description":"Any attributes that aren't yet supported by this provider","description_kind":"plain","optional":true},"value":{"type":"string","description":"The value to compare to. Possible values are BACKGROUND_ACTIVITY, CICS_SERVICE, CUSTOM_SERVICE, DATABASE_SERVICE, ENTERPRISE_SERVICE_BUS_SERVICE, EXTERNAL, IBM_INTEGRATION_BUS_SERVICE, IMS_SERVICE, MESSAGING_SERVICE, QUEUE_LISTENER_SERVICE, RMI_SERVICE, RPC_SERVICE, WEB_REQUEST_SERVICE and WEB_SERVICE.","description_kind":"plain","optional":true}},"description":"Comparison for `SERVICE_TYPE` attributes","description_kind":"plain"}},"service_type_comparison":{"nesting_mode":"list","block":{"attributes":{"negate":{"type":"bool","description":"Reverses the operator. For example it turns the **begins with** into **does not begin with**","description_kind":"plain","optional":true},"operator":{"type":"string","description":"Operator of the comparison. Possible values are EQUALS and EXISTS. You can reverse it by setting **negate** to `true`","description_kind":"plain","required":true},"type":{"type":"string","description":"if specified, needs to be SERVICE_TYPE","description_kind":"plain","deprecated":true,"optional":true},"unknowns":{"type":"string","description":"Any attributes that aren't yet supported by this provider","description_kind":"plain","optional":true},"value":{"type":"string","description":"The value to compare to. Possible values are BACKGROUND_ACTIVITY, CICS_SERVICE, CUSTOM_SERVICE, DATABASE_SERVICE, ENTERPRISE_SERVICE_BUS_SERVICE, EXTERNAL, IBM_INTEGRATION_BUS_SERVICE, IMS_SERVICE, MESSAGING_SERVICE, QUEUE_LISTENER_SERVICE, RMI_SERVICE, RPC_SERVICE, WEB_REQUEST_SERVICE and WEB_SERVICE.","description_kind":"plain","optional":true}},"description":"Comparison for `SERVICE_TYPE` attributes","description_kind":"plain","deprecated":true}},"simple_host_tech_comparison":{"nesting_mode":"list","block":{"attributes":{"negate":{"type":"bool","description":"Reverses the operator. For example it turns the **begins with** into **does not begin with**","description_kind":"plain","optional":true},"operator":{"type":"string","description":"Operator of the comparison. Possible values are EQUALS and EXISTS. You can reverse it by setting **negate** to `true`","description_kind":"plain","required":true},"type":{"type":"string","description":"if specified, needs to be SIMPLE_HOST_TECH","description_kind":"plain","deprecated":true,"optional":true},"unknowns":{"type":"string","description":"Any attributes that aren't yet supported by this provider","description_kind":"plain","optional":true}},"block_types":{"value":{"nesting_mode":"list","block":{"attributes":{"type":{"type":"string","description":"Predefined technology, if technology is not predefined, then the verbatim type must be set. Possible values are APPARMOR, BOSH, BOSHBPM, CLOUDFOUNDRY, CONTAINERD, CRIO, DIEGO_CELL, DOCKER, GARDEN, GRSECURITY, KUBERNETES, OPENSHIFT, OPENSTACK_COMPUTE, OPENSTACK_CONTROLLER and SELINUX","description_kind":"plain","optional":true},"unknowns":{"type":"string","description":"Any attributes that aren't yet supported by this provider","description_kind":"plain","optional":true},"verbatim_type":{"type":"string","description":"Non-predefined technology, use for custom technologies","description_kind":"plain","optional":true}},"description":"The value to compare to","description_kind":"plain"},"max_items":1}},"description":"Comparison for `SIMPLE_HOST_TECH` attributes","description_kind":"plain","deprecated":true}},"simple_tech_comparison":{"nesting_mode":"list","block":{"attributes":{"negate":{"type":"bool","description":"Reverses the operator. For example it turns the **begins with** into **does not begin with**","description_kind":"plain","optional":true},"operator":{"type":"string","description":"Operator of the comparison. Possible values are EQUALS and EXISTS. You can reverse it by setting **negate** to `true`","description_kind":"plain","required":true},"type":{"type":"string","description":"if specified, needs to be SIMPLE_TECH","description_kind":"plain","deprecated":true,"optional":true},"unknowns":{"type":"string","description":"Any attributes that aren't yet supported by this provider","description_kind":"plain","optional":true}},"block_types":{"value":{"nesting_mode":"list","block":{"attributes":{"type":{"type":"string","description":"Predefined technology, if technology is not predefined, then the verbatim type must be set.","description_kind":"plain","optional":true},"unknowns":{"type":"string","description":"Any attributes that aren't yet supported by this provider","description_kind":"plain","optional":true},"verbatim_type":{"type":"string","description":"Non-predefined technology, use for custom technologies","description_kind":"plain","optional":true}},"description":"The value to compare to","description_kind":"plain"},"max_items":1}},"description":"Comparison for `SIMPLE_TECH` attributes","description_kind":"plain","deprecated":true}},"string":{"nesting_mode":"list","block":{"attributes":{"case_sensitive":{"type":"bool","description":"The comparison is case-sensitive (`true`) or insensitive (`false`)","description_kind":"plain","optional":true},"negate":{"type":"bool","description":"Reverses the operator. For example it turns the **begins with** into **does not begin with**","description_kind":"plain","optional":true},"operator":{"type":"string","description":"Operator of the comparison. Possible values are BEGINS_WITH, CONTAINS, ENDS_WITH, EQUALS, EXISTS and REGEX_MATCHES. You can reverse it by setting **negate** to `true`","description_kind":"plain","required":true},"unknowns":{"type":"string","description":"Any attributes that aren't yet supported by this provider","description_kind":"plain","optional":true},"value":{"type":"string","description":"The value to compare to","description_kind":"plain","optional":true}},"description":"Comparison for `STRING` attributes","description_kind":"plain"}},"string_comparison":{"nesting_mode":"list","block":{"attributes":{"case_sensitive":{"type":"bool","description":"The comparison is case-sensitive (`true`) or insensitive (`false`)","description_kind":"plain","optional":true},"negate":{"type":"bool","description":"Reverses the operator. For example it turns the **begins with** into **does not begin with**","description_kind":"plain","optional":true},"operator":{"type":"string","description":"Operator of the comparison. Possible values are BEGINS_WITH, CONTAINS, ENDS_WITH, EQUALS, EXISTS and REGEX_MATCHES. You can reverse it by setting **negate** to `true`","description_kind":"plain","required":true},"type":{"type":"string","description":"if specified, needs to be STRING","description_kind":"plain","deprecated":true,"optional":true},"unknowns":{"type":"string","description":"Any attributes that aren't yet supported by this provider","description_kind":"plain","optional":true},"value":{"type":"string","description":"The value to compare to","description_kind":"plain","optional":true}},"description":"Comparison for `STRING` attributes","description_kind":"plain","deprecated":true}},"string_condition_key":{"nesting_mode":"list","block":{"attributes":{"attribute":{"type":"string","description":"The attribute to be used for comparision","description_kind":"plain","required":true},"dynamic_key":{"type":"string","description":"The key of the attribute, which need dynamic keys. Not applicable otherwise, as the attibute itself acts as a key. Possible values are\n   - `AMAZON_ECR_IMAGE_ACCOUNT_ID`\n   - `AMAZON_ECR_IMAGE_REGION`\n   - `AMAZON_LAMBDA_FUNCTION_NAME`\n   - `AMAZON_REGION`\n   - `APACHE_CONFIG_PATH`\n   - `APACHE_SPARK_MASTER_IP_ADDRESS`\n   - `ASP_DOT_NET_CORE_APPLICATION_PATH`\n   - `AWS_ECS_CLUSTER`\n   - `AWS_ECS_CONTAINERNAME`\n   - `AWS_ECS_FAMILY`\n   - `AWS_ECS_REVISION`\n   - `CASSANDRA_CLUSTER_NAME`\n   - `CATALINA_BASE`\n   - `CATALINA_HOME`\n   - `CLOUD_FOUNDRY_APP_ID`\n   - `CLOUD_FOUNDRY_APP_NAME`\n   - `CLOUD_FOUNDRY_INSTANCE_INDEX`\n   - `CLOUD_FOUNDRY_SPACE_ID`\n   - `CLOUD_FOUNDRY_SPACE_NAME`\n   - `COLDFUSION_JVM_CONFIG_FILE`\n   - `COLDFUSION_SERVICE_NAME`\n   - `COMMAND_LINE_ARGS`\n   - `DOTNET_COMMAND`\n   - `DOTNET_COMMAND_PATH`\n   - `DYNATRACE_CLUSTER_ID`\n   - `DYNATRACE_NODE_ID`\n   - `ELASTICSEARCH_CLUSTER_NAME`\n   - `ELASTICSEARCH_NODE_NAME`\n   - `EQUINOX_CONFIG_PATH`\n   - `EXE_NAME`\n   - `EXE_PATH`\n   - `GLASS_FISH_DOMAIN_NAME`\n   - `GLASS_FISH_INSTANCE_NAME`\n   - `GOOGLE_APP_ENGINE_INSTANCE`\n   - `GOOGLE_APP_ENGINE_SERVICE`\n   - `GOOGLE_CLOUD_PROJECT`\n   - `HYBRIS_BIN_DIRECTORY`\n   - `HYBRIS_CONFIG_DIRECTORY`\n   - `HYBRIS_DATA_DIRECTORY`\n   - `IBM_CICS_REGION`\n   - `IBM_CTG_NAME`\n   - `IBM_IMS_CONNECT_REGION`\n   - `IBM_IMS_CONTROL_REGION`\n   - `IBM_IMS_MESSAGE_PROCESSING_REGION`\n   - `IBM_IMS_SOAP_GW_NAME`\n   - `IBM_INTEGRATION_NODE_NAME`\n   - `IBM_INTEGRATION_SERVER_NAME`\n   - `IIS_APP_POOL`\n   - `IIS_ROLE_NAME`\n   - `JAVA_JAR_FILE`\n   - `JAVA_JAR_PATH`\n   - `JAVA_MAIN_CLASS`\n   - `JAVA_MAIN_MODULE`\n   - `JBOSS_HOME`\n   - `JBOSS_MODE`\n   - `JBOSS_SERVER_NAME`\n   - `KUBERNETES_BASE_POD_NAME`\n   - `KUBERNETES_CONTAINER_NAME`\n   - `KUBERNETES_FULL_POD_NAME`\n   - `KUBERNETES_NAMESPACE`\n   - `KUBERNETES_POD_UID`\n   - `MSSQL_INSTANCE_NAME`\n   - `NODE_JS_APP_BASE_DIRECTORY`\n   - `NODE_JS_APP_NAME`\n   - `NODE_JS_SCRIPT_NAME`\n   - `ORACLE_SID`\n   - `PG_ID_CALC_INPUT_KEY_LINKAGE`\n   - `PHP_SCRIPT_PATH`\n   - `PHP_WORKING_DIRECTORY`\n   - `RUBY_APP_ROOT_PATH`\n   - `RUBY_SCRIPT_PATH`\n   - `RULE_RESULT`\n   - `SOFTWAREAG_INSTALL_ROOT`\n   - `SOFTWAREAG_PRODUCTPROPNAME`\n   - `SPRINGBOOT_APP_NAME`\n   - `SPRINGBOOT_PROFILE_NAME`\n   - `SPRINGBOOT_STARTUP_CLASS`\n   - `TIBCO_BUSINESSWORKS_CE_APP_NAME`\n   - `TIBCO_BUSINESSWORKS_CE_VERSION`\n   - `TIBCO_BUSINESS_WORKS_APP_NODE_NAME`\n   - `TIBCO_BUSINESS_WORKS_APP_SPACE_NAME`\n   - `TIBCO_BUSINESS_WORKS_DOMAIN_NAME`\n   - `TIBCO_BUSINESS_WORKS_ENGINE_PROPERTY_FILE`\n   - `TIBCO_BUSINESS_WORKS_ENGINE_PROPERTY_FILE_PATH`\n   - `TIBCO_BUSINESS_WORKS_HOME`\n   - `VARNISH_INSTANCE_NAME`\n   - `WEB_LOGIC_CLUSTER_NAME`\n   - `WEB_LOGIC_DOMAIN_NAME`\n   - `WEB_LOGIC_HOME`\n   - `WEB_LOGIC_NAME`\n   - `WEB_SPHERE_CELL_NAME`\n   - `WEB_SPHERE_CLUSTER_NAME`\n   - `WEB_SPHERE_NODE_NAME and WEB_SPHERE_SERVER_NAME`","description_kind":"plain","required":true},"type":{"type":"string","description":"if specified, needs to be `STRING`","description_kind":"plain","deprecated":true,"optional":true},"unknowns":{"type":"string","description":"Any attributes that aren't yet supported by this provider but have meanwhile gotten introduced by a newer version of the Dynatrace REST API","description_kind":"plain","optional":true}},"description":" The key for dynamic attributes of the `STRING` type","description_kind":"plain","deprecated":true}},"string_key":{"nesting_mode":"list","block":{"attributes":{"attribute":{"type":"string","description":"The attribute to be used for comparision","description_kind":"plain","required":true},"dynamic_key":{"type":"string","description":"The key of the attribute, which need dynamic keys. Not applicable otherwise, as the attibute itself acts as a key. Possible values are\n   - `AMAZON_ECR_IMAGE_ACCOUNT_ID`\n   - `AMAZON_ECR_IMAGE_REGION`\n   - `AMAZON_LAMBDA_FUNCTION_NAME`\n   - `AMAZON_REGION`\n   - `APACHE_CONFIG_PATH`\n   - `APACHE_SPARK_MASTER_IP_ADDRESS`\n   - `ASP_DOT_NET_CORE_APPLICATION_PATH`\n   - `AWS_ECS_CLUSTER`\n   - `AWS_ECS_CONTAINERNAME`\n   - `AWS_ECS_FAMILY`\n   - `AWS_ECS_REVISION`\n   - `CASSANDRA_CLUSTER_NAME`\n   - `CATALINA_BASE`\n   - `CATALINA_HOME`\n   - `CLOUD_FOUNDRY_APP_ID`\n   - `CLOUD_FOUNDRY_APP_NAME`\n   - `CLOUD_FOUNDRY_INSTANCE_INDEX`\n   - `CLOUD_FOUNDRY_SPACE_ID`\n   - `CLOUD_FOUNDRY_SPACE_NAME`\n   - `COLDFUSION_JVM_CONFIG_FILE`\n   - `COLDFUSION_SERVICE_NAME`\n   - `COMMAND_LINE_ARGS`\n   - `DOTNET_COMMAND`\n   - `DOTNET_COMMAND_PATH`\n   - `DYNATRACE_CLUSTER_ID`\n   - `DYNATRACE_NODE_ID`\n   - `ELASTICSEARCH_CLUSTER_NAME`\n   - `ELASTICSEARCH_NODE_NAME`\n   - `EQUINOX_CONFIG_PATH`\n   - `EXE_NAME`\n   - `EXE_PATH`\n   - `GLASS_FISH_DOMAIN_NAME`\n   - `GLASS_FISH_INSTANCE_NAME`\n   - `GOOGLE_APP_ENGINE_INSTANCE`\n   - `GOOGLE_APP_ENGINE_SERVICE`\n   - `GOOGLE_CLOUD_PROJECT`\n   - `HYBRIS_BIN_DIRECTORY`\n   - `HYBRIS_CONFIG_DIRECTORY`\n   - `HYBRIS_DATA_DIRECTORY`\n   - `IBM_CICS_REGION`\n   - `IBM_CTG_NAME`\n   - `IBM_IMS_CONNECT_REGION`\n   - `IBM_IMS_CONTROL_REGION`\n   - `IBM_IMS_MESSAGE_PROCESSING_REGION`\n   - `IBM_IMS_SOAP_GW_NAME`\n   - `IBM_INTEGRATION_NODE_NAME`\n   - `IBM_INTEGRATION_SERVER_NAME`\n   - `IIS_APP_POOL`\n   - `IIS_ROLE_NAME`\n   - `JAVA_JAR_FILE`\n   - `JAVA_JAR_PATH`\n   - `JAVA_MAIN_CLASS`\n   - `JAVA_MAIN_MODULE`\n   - `JBOSS_HOME`\n   - `JBOSS_MODE`\n   - `JBOSS_SERVER_NAME`\n   - `KUBERNETES_BASE_POD_NAME`\n   - `KUBERNETES_CONTAINER_NAME`\n   - `KUBERNETES_FULL_POD_NAME`\n   - `KUBERNETES_NAMESPACE`\n   - `KUBERNETES_POD_UID`\n   - `MSSQL_INSTANCE_NAME`\n   - `NODE_JS_APP_BASE_DIRECTORY`\n   - `NODE_JS_APP_NAME`\n   - `NODE_JS_SCRIPT_NAME`\n   - `ORACLE_SID`\n   - `PG_ID_CALC_INPUT_KEY_LINKAGE`\n   - `PHP_SCRIPT_PATH`\n   - `PHP_WORKING_DIRECTORY`\n   - `RUBY_APP_ROOT_PATH`\n   - `RUBY_SCRIPT_PATH`\n   - `RULE_RESULT`\n   - `SOFTWAREAG_INSTALL_ROOT`\n   - `SOFTWAREAG_PRODUCTPROPNAME`\n   - `SPRINGBOOT_APP_NAME`\n   - `SPRINGBOOT_PROFILE_NAME`\n   - `SPRINGBOOT_STARTUP_CLASS`\n   - `TIBCO_BUSINESSWORKS_CE_APP_NAME`\n   - `TIBCO_BUSINESSWORKS_CE_VERSION`\n   - `TIBCO_BUSINESS_WORKS_APP_NODE_NAME`\n   - `TIBCO_BUSINESS_WORKS_APP_SPACE_NAME`\n   - `TIBCO_BUSINESS_WORKS_DOMAIN_NAME`\n   - `TIBCO_BUSINESS_WORKS_ENGINE_PROPERTY_FILE`\n   - `TIBCO_BUSINESS_WORKS_ENGINE_PROPERTY_FILE_PATH`\n   - `TIBCO_BUSINESS_WORKS_HOME`\n   - `VARNISH_INSTANCE_NAME`\n   - `WEB_LOGIC_CLUSTER_NAME`\n   - `WEB_LOGIC_DOMAIN_NAME`\n   - `WEB_LOGIC_HOME`\n   - `WEB_LOGIC_NAME`\n   - `WEB_SPHERE_CELL_NAME`\n   - `WEB_SPHERE_CLUSTER_NAME`\n   - `WEB_SPHERE_NODE_NAME and WEB_SPHERE_SERVER_NAME`","description_kind":"plain","required":true},"unknowns":{"type":"string","description":"Any attributes that aren't yet supported by this provider but have meanwhile gotten introduced by a newer version of the Dynatrace REST API","description_kind":"plain","optional":true}},"description":" The key for dynamic attributes of the `STRING` type","description_kind":"plain"}},"synthetic_engine":{"nesting_mode":"list","block":{"attributes":{"negate":{"type":"bool","description":"Reverses the operator. For example it turns the **begins with** into **does not begin with**","description_kind":"plain","optional":true},"operator":{"type":"string","description":"Operator of the comparison. Possible values are  EQUALS and EXISTS. You can reverse it by setting **negate** to `true`","description_kind":"plain","required":true},"unknowns":{"type":"string","description":"Any attributes that aren't yet supported by this provider","description_kind":"plain","optional":true},"value":{"type":"string","description":"The value to compare to. Possible values are CLASSIC and CUSTOM","description_kind":"plain","optional":true}},"description":"Comparison for `SYNTHETIC_ENGINE_TYPE` attributes","description_kind":"plain"}},"synthetic_engine_type_comparison":{"nesting_mode":"list","block":{"attributes":{"negate":{"type":"bool","description":"Reverses the operator. For example it turns the **begins with** into **does not begin with**","description_kind":"plain","optional":true},"operator":{"type":"string","description":"Operator of the comparison. Possible values are  EQUALS and EXISTS. You can reverse it by setting **negate** to `true`","description_kind":"plain","required":true},"type":{"type":"string","description":"if specified, needs to be SYNTHETIC_ENGINE_TYPE","description_kind":"plain","deprecated":true,"optional":true},"unknowns":{"type":"string","description":"Any attributes that aren't yet supported by this provider","description_kind":"plain","optional":true},"value":{"type":"string","description":"The value to compare to. Possible values are CLASSIC and CUSTOM","description_kind":"plain","optional":true}},"description":"Comparison for `SYNTHETIC_ENGINE_TYPE` attributes","description_kind":"plain","deprecated":true}},"tag":{"nesting_mode":"list","block":{"attributes":{"negate":{"type":"bool","description":"Reverses the operator. For example it turns the **begins with** into **does not begin with**","description_kind":"plain","optional":true},"operator":{"type":"string","description":"Operator of the comparison. Possible values are EQUALS and TAG_KEY_EQUALS. You can reverse it by setting **negate** to `true`","description_kind":"plain","required":true},"unknowns":{"type":"string","description":"Any attributes that aren't yet supported by this provider","description_kind":"plain","optional":true}},"block_types":{"value":{"nesting_mode":"list","block":{"attributes":{"context":{"type":"string","description":"The origin of the tag, such as AWS or Cloud Foundry. Possible values are AWS, AWS_GENERIC, AZURE, CLOUD_FOUNDRY, CONTEXTLESS, ENVIRONMENT, GOOGLE_CLOUD and KUBERNETES. Custom tags use the `CONTEXTLESS` value","description_kind":"plain","required":true},"key":{"type":"string","description":"The key of the tag. Custom tags have the tag value here","description_kind":"plain","required":true},"unknowns":{"type":"string","description":"Any attributes that aren't yet supported by this provider but have meanwhile gotten introduced by a newer version of the Dynatrace REST API","description_kind":"plain","optional":true},"value":{"type":"string","description":"The value of the tag. Not applicable to custom tags","description_kind":"plain","optional":true}},"description":"Tag of a Dynatrace entity","description_kind":"plain"},"max_items":1}},"description":"Comparison for `TAG` attributes","description_kind":"plain"}},"tag_comparison":{"nesting_mode":"list","block":{"attributes":{"negate":{"type":"bool","description":"Reverses the operator. For example it turns the **begins with** into **does not begin with**","description_kind":"plain","optional":true},"operator":{"type":"string","description":"Operator of the comparison. Possible values are EQUALS and TAG_KEY_EQUALS. You can reverse it by setting **negate** to `true`","description_kind":"plain","required":true},"type":{"type":"string","description":"if specified, needs to be TAG","description_kind":"plain","deprecated":true,"optional":true},"unknowns":{"type":"string","description":"Any attributes that aren't yet supported by this provider","description_kind":"plain","optional":true}},"block_types":{"value":{"nesting_mode":"list","block":{"attributes":{"context":{"type":"string","description":"The origin of the tag, such as AWS or Cloud Foundry. Possible values are AWS, AWS_GENERIC, AZURE, CLOUD_FOUNDRY, CONTEXTLESS, ENVIRONMENT, GOOGLE_CLOUD and KUBERNETES. Custom tags use the `CONTEXTLESS` value","description_kind":"plain","required":true},"key":{"type":"string","description":"The key of the tag. Custom tags have the tag value here","description_kind":"plain","required":true},"unknowns":{"type":"string","description":"Any attributes that aren't yet supported by this provider but have meanwhile gotten introduced by a newer version of the Dynatrace REST API","description_kind":"plain","optional":true},"value":{"type":"string","description":"The value of the tag. Not applicable to custom tags","description_kind":"plain","optional":true}},"description":"Tag of a Dynatrace entity","description_kind":"plain"},"max_items":1}},"description":"Comparison for `TAG` attributes","description_kind":"plain","deprecated":true}},"tech":{"nesting_mode":"list","block":{"attributes":{"negate":{"type":"bool","description":"Reverses the operator. For example it turns the **begins with** into **does not begin with**","description_kind":"plain","optional":true},"operator":{"type":"string","description":"Operator of the comparison. Possible values are EQUALS and EXISTS. You can reverse it by setting **negate** to `true`","description_kind":"plain","required":true},"unknowns":{"type":"string","description":"Any attributes that aren't yet supported by this provider","description_kind":"plain","optional":true}},"block_types":{"value":{"nesting_mode":"list","block":{"attributes":{"type":{"type":"string","description":"Predefined technology, if technology is not predefined, then the verbatim type must be set.","description_kind":"plain","optional":true},"unknowns":{"type":"string","description":"Any attributes that aren't yet supported by this provider","description_kind":"plain","optional":true},"verbatim_type":{"type":"string","description":"Non-predefined technology, use for custom technologies","description_kind":"plain","optional":true}},"description":"The value to compare to","description_kind":"plain"},"max_items":1}},"description":"Comparison for `SIMPLE_TECH` attributes","description_kind":"plain"}}},"description":"A list of matching rules for the management zone. The management zone applies only if **all** conditions are fulfilled","description_kind":"plain"}}},"description":"A list of rules for management zone usage.  Each rule is evaluated independently of all other rules","description_kind":"plain"}}},"description_kind":"plain"}},"dynatrace_aws_credentials":{"version":0,"block":{"attributes":{"id":{"type":"string","description_kind":"plain","optional":true,"computed":true},"label":{"type":"string","description":"The name of the credentials","description_kind":"plain","optional":true},"partition_type":{"type":"string","description":"The type of the AWS partition","description_kind":"plain","required":true},"tagged_only":{"type":"bool","description":"Monitor only resources which have specified AWS tags (`true`) or all resources (`false`)","description_kind":"plain","required":true},"unknowns":{"type":"string","description":"Any attributes that aren't yet supported by this provider","description_kind":"plain","optional":true}},"block_types":{"authentication_data":{"nesting_mode":"list","block":{"attributes":{"access_key":{"type":"string","description":"the access key","description_kind":"plain","optional":true},"account_id":{"type":"string","description":"the ID of the Amazon account","description_kind":"plain","optional":true},"external_id":{"type":"string","description":"the external ID token for setting an IAM role. You can obtain it with the `GET /aws/iamExternalId` request","description_kind":"plain","optional":true},"iam_role":{"type":"string","description":"the IAM role to be used by Dynatrace to get monitoring data","description_kind":"plain","optional":true},"secret_key":{"type":"string","description":"the secret access key","description_kind":"plain","optional":true},"unknowns":{"type":"string","description":"Any attributes that aren't yet supported by this provider","description_kind":"plain","optional":true}},"description":"credentials for the AWS authentication","description_kind":"plain"},"min_items":1,"max_items":1},"supporting_services_to_monitor":{"nesting_mode":"list","block":{"attributes":{"name":{"type":"string","description":"the name of the supporting service","description_kind":"plain","optional":true},"unknowns":{"type":"string","description":"Any attributes that aren't yet supported by this provider","description_kind":"plain","optional":true}},"block_types":{"monitored_metrics":{"nesting_mode":"list","block":{"attributes":{"dimensions":{"type":["list","string"],"description":"a list of metric's dimensions names","description_kind":"plain","optional":true},"name":{"type":"string","description":"the name of the metric of the supporting service","description_kind":"plain","optional":true},"statistic":{"type":"string","description":"the statistic (aggregation) to be used for the metric. AVG_MIN_MAX value is 3 statistics at once: AVERAGE, MINIMUM and MAXIMUM","description_kind":"plain","optional":true},"unknowns":{"type":"string","description":"Any attributes that aren't yet supported by this provider","description_kind":"plain","optional":true}},"description":"a list of metrics to be monitored for this service","description_kind":"plain"}}},"description":"supporting services to be monitored","description_kind":"plain"}},"tags_to_monitor":{"nesting_mode":"list","block":{"attributes":{"name":{"type":"string","description":"the key of the AWS tag.","description_kind":"plain","optional":true},"unknowns":{"type":"string","description":"Any attributes that aren't yet supported by this provider","description_kind":"plain","optional":true},"value":{"type":"string","description":"the value of the AWS tag","description_kind":"plain","optional":true}},"description":"AWS tags to be monitored. You can specify up to 10 tags. Only applicable when the **tagged_only** parameter is set to `true`","description_kind":"plain"},"max_items":10}},"description_kind":"plain"}},"dynatrace_azure_credentials":{"version":0,"block":{"attributes":{"active":{"type":"bool","description":"The monitoring is enabled (`true`) or disabled (`false`).  If not set on creation, the `true` value is used.  If the field is omitted during an update, the old value remains unaffected","description_kind":"plain","required":true},"app_id":{"type":"string","description":"The Application ID (also referred to as Client ID)  The combination of Application ID and Directory ID must be unique","description_kind":"plain","optional":true},"auto_tagging":{"type":"bool","description":"The automatic capture of Azure tags is on (`true`) or off (`false`)","description_kind":"plain","optional":true},"directory_id":{"type":"string","description":"The Directory ID (also referred to as Tenant ID)  The combination of Application ID and Directory ID must be unique","description_kind":"plain","optional":true},"id":{"type":"string","description_kind":"plain","optional":true,"computed":true},"key":{"type":"string","description":" The secret key associated with the Application ID.  For security reasons, GET requests return this field as `null`.   Submit your key on creation or update of the configuration. If the field is omitted during an update, the old value remains unaffected.","description_kind":"plain","optional":true},"label":{"type":"string","description":"The unique name of the Azure credentials configuration.  Allowed characters are letters, numbers, and spaces. Also the special characters `.+-_` are allowed","description_kind":"plain","optional":true},"monitor_only_tagged_entities":{"type":"bool","description":"Monitor only resources that have specified Azure tags (`true`) or all resources (`false`).","description_kind":"plain","required":true},"unknowns":{"type":"string","description":"Any attributes that aren't yet supported by this provider","description_kind":"plain","optional":true}},"block_types":{"monitor_only_tag_pairs":{"nesting_mode":"list","block":{"attributes":{"name":{"type":"string","description":"The name of the tag.","description_kind":"plain","optional":true},"unknowns":{"type":"string","description":"Any attributes that aren't yet supported by this provider","description_kind":"plain","optional":true},"value":{"type":"string","description":"The value of the tag.   If set to `null`, then resources with any value of the tag are monitored.","description_kind":"plain","optional":true}},"description":"A list of Azure tags to be monitored.  You can specify up to 10 tags. A resource tagged with *any* of the specified tags is monitored.  Only applicable when the **monitorOnlyTaggedEntities** parameter is set to `true`","description_kind":"plain"},"max_items":10},"supporting_services":{"nesting_mode":"list","block":{"attributes":{"name":{"type":"string","description":"The name of the supporting service.","description_kind":"plain","optional":true},"unknowns":{"type":"string","description":"Any attributes that aren't yet supported by this provider","description_kind":"plain","optional":true}},"block_types":{"monitored_metrics":{"nesting_mode":"list","block":{"attributes":{"dimensions":{"type":["list","string"],"description":"a list of metric's dimensions names","description_kind":"plain","optional":true},"name":{"type":"string","description":"the name of the metric of the supporting service","description_kind":"plain","optional":true},"unknowns":{"type":"string","description":"Any attributes that aren't yet supported by this provider","description_kind":"plain","optional":true}},"description":"A list of Azure tags to be monitored.  You can specify up to 10 tags. A resource tagged with *any* of the specified tags is monitored.  Only applicable when the **monitorOnlyTaggedEntities** parameter is set to `true`","description_kind":"plain"},"max_items":10}},"description":"A list of Azure supporting services to be monitored. For each service there's a sublist of its metrics and the metrics' dimensions that should be monitored. All of these elements (services, metrics, dimensions) must have corresponding static definitions on the server.","description_kind":"plain"},"max_items":10}},"description_kind":"plain"}},"dynatrace_browser_monitor":{"version":0,"block":{"attributes":{"enabled":{"type":"bool","description":"The monitor is enabled (`true`) or disabled (`false`).","description_kind":"plain","optional":true},"frequency":{"type":"number","description":"The frequency of the monitor, in minutes.\n\nYou can use one of the following values: `5`, `10`, `15`, `30`, and `60`.","description_kind":"plain","required":true},"id":{"type":"string","description_kind":"plain","optional":true,"computed":true},"locations":{"type":["set","string"],"description":"A list of locations from which the monitor is executed.\n\nTo specify a location, use its entity ID.","description_kind":"plain","optional":true},"manually_assigned_apps":{"type":["set","string"],"description":"A set of manually assigned applications.","description_kind":"plain","optional":true},"name":{"type":"string","description":"The name of the monitor.","description_kind":"plain","required":true}},"block_types":{"anomaly_detection":{"nesting_mode":"list","block":{"block_types":{"loading_time_thresholds":{"nesting_mode":"list","block":{"attributes":{"enabled":{"type":"bool","description":"Performance threshold is enabled (`true`) or disabled (`false`)","description_kind":"plain","optional":true}},"block_types":{"thresholds":{"nesting_mode":"list","block":{"block_types":{"threshold":{"nesting_mode":"list","block":{"attributes":{"event_index":{"type":"number","description":"Specify the event to which an ACTION threshold applies","description_kind":"plain","optional":true},"request_index":{"type":"number","description":"Specify the request to which an ACTION threshold applies","description_kind":"plain","optional":true},"type":{"type":"string","description":"The type of the threshold: `TOTAL` (total loading time) or `ACTION` (action loading time)","description_kind":"plain","optional":true},"value_ms":{"type":"number","description":"Notify if monitor takes longer than *X* milliseconds to load","description_kind":"plain","required":true}},"description":"The list of performance threshold rules","description_kind":"plain"},"min_items":1}},"description":"The list of performance threshold rules","description_kind":"plain"}}},"description":"Thresholds for loading times","description_kind":"plain"}},"outage_handling":{"nesting_mode":"list","block":{"attributes":{"global_outage":{"type":"bool","description":"When enabled (`true`), generate a problem and send an alert when the monitor is unavailable at all configured locations","description_kind":"plain","optional":true},"local_outage":{"type":"bool","description":"When enabled (`true`), generate a problem and send an alert when the monitor is unavailable for one or more consecutive runs at any location","description_kind":"plain","optional":true},"retry_on_error":{"type":"bool","description":"Schedule retry if browser monitor execution results in a fail. For HTTP monitors this property is ignored","description_kind":"plain","optional":true}},"block_types":{"local_outage_policy":{"nesting_mode":"list","block":{"attributes":{"affected_locations":{"type":"number","description":"The number of affected locations to trigger an alert","description_kind":"plain","required":true},"consecutive_runs":{"type":"number","description":"The number of consecutive fails to trigger an alert","description_kind":"plain","required":true}},"description":"Local outage handling configuration. \n\n Alert if **affectedLocations** of locations are unable to access the web application **consecutiveRuns** times consecutively","description_kind":"plain"}}},"description":"Outage handling configuration","description_kind":"plain"}}},"description":"The anomaly detection configuration.","description_kind":"plain"},"max_items":1},"key_performance_metrics":{"nesting_mode":"list","block":{"attributes":{"load_action_kpm":{"type":"string","description":"Defines the key performance metric for load actions. Supported values are `VISUALLY_COMPLETE`, `SPEED_INDEX`, `USER_ACTION_DURATION`, `TIME_TO_FIRST_BYTE`, `HTML_DOWNLOADED`, `DOM_INTERACTIVE`, `LOAD_EVENT_START` and `LOAD_EVENT_END`.","description_kind":"plain","required":true},"xhr_action_kpm":{"type":"string","description":"Defines the key performance metric for XHR actions. Supported values are `VISUALLY_COMPLETE`, `USER_ACTION_DURATION`, `TIME_TO_FIRST_BYTE` and `RESPONSE_END`.","description_kind":"plain","required":true}},"description":"The key performance metrics configuration","description_kind":"plain"},"max_items":1},"script":{"nesting_mode":"list","block":{"attributes":{"type":{"type":"string","description":"The type of monitor. Possible values are `clickpath` for clickpath monitors and `availability` for single-URL browser monitors. These monitors are only allowed to have one event of the `navigate` type","description_kind":"plain","required":true}},"block_types":{"configuration":{"nesting_mode":"list","block":{"attributes":{"block":{"type":["set","string"],"description":"Block these URLs","description_kind":"plain","optional":true},"bypass_csp":{"type":"bool","description":"Bypass Content Security Policy of monitored pages","description_kind":"plain","optional":true},"disable_web_security":{"type":"bool","description":"No documentation available","description_kind":"plain","optional":true},"monitor_frames":{"type":"bool","description":"Capture performance metrics for pages loaded in frames","description_kind":"plain","optional":true},"user_agent":{"type":"string","description":"The user agent of the request","description_kind":"plain","optional":true}},"block_types":{"bandwidth":{"nesting_mode":"list","block":{"attributes":{"download":{"type":"number","description":"The download speed of the network, in bytes per second","description_kind":"plain","optional":true},"latency":{"type":"number","description":"The latency of the network, in milliseconds","description_kind":"plain","optional":true},"network_type":{"type":"string","description":"The type of the preconfigured network—when editing in the browser, press `Crtl+Spacebar` to see the list of available networks","description_kind":"plain","optional":true},"upload":{"type":"number","description":"The upload speed of the network, in bytes per second","description_kind":"plain","optional":true}},"description":"The emulated device of the monitor—holds either the parameters of the custom device or the name and orientation of the preconfigured device.\n\nIf not set, then the Desktop preconfigured device is used","description_kind":"plain"},"max_items":1},"cookies":{"nesting_mode":"list","block":{"block_types":{"cookie":{"nesting_mode":"list","block":{"attributes":{"domain":{"type":"string","description":"The domain of the cookie.","description_kind":"plain","required":true},"name":{"type":"string","description":"The name of the cookie. The following cookie names are now allowed: `dtCookie`, `dtLatC`, `dtPC`, `rxVisitor`, `rxlatency`, `rxpc`, `rxsession` and `rxvt`","description_kind":"plain","required":true},"path":{"type":"string","description":"The path of the cookie.","description_kind":"plain","optional":true},"value":{"type":"string","description":"The value of the cookie. The following symbols are not allowed: `;`, `,`, `\\` and `\"`.","description_kind":"plain","required":true}},"description":"A request cookie","description_kind":"plain"},"min_items":1}},"description":"These cookies are added before execution of the first step","description_kind":"plain"},"max_items":1},"device":{"nesting_mode":"list","block":{"attributes":{"height":{"type":"number","description":"The height of the screen in pixels.\nThe maximum allowed width is `1080`.","description_kind":"plain","optional":true},"mobile":{"type":"bool","description":"The flag of the mobile device.\nSet to `true` for mobile devices or `false` for a desktop or laptop.","description_kind":"plain","optional":true},"name":{"type":"string","description":"The name of the preconfigured device—when editing in the browser, press `Crtl+Spacebar` to see the list of available devices","description_kind":"plain","optional":true},"orientation":{"type":"string","description":"The orientation of the device. Possible values are `portrait` or `landscape`. Desktop and laptop devices are not allowed to use the `portrait` orientation","description_kind":"plain","optional":true},"scale_factor":{"type":"number","description":"The pixel ratio of the device.","description_kind":"plain","optional":true},"touch_enabled":{"type":"bool","description":"The flag of the touchscreen.\nSet to `true` if the device uses touchscreen. In that case, use can set interaction event as `tap`.","description_kind":"plain","optional":true},"width":{"type":"number","description":"The width of the screen in pixels.\nThe maximum allowed width is `1920`.","description_kind":"plain","optional":true}},"description":"The emulated device of the monitor—holds either the parameters of the custom device or the name and orientation of the preconfigured device.\n\nIf not set, then the Desktop preconfigured device is used","description_kind":"plain"},"max_items":1},"headers":{"nesting_mode":"list","block":{"attributes":{"restrictions":{"type":["set","string"],"description":"Restrict applying headers to a set of URLs","description_kind":"plain","optional":true}},"block_types":{"header":{"nesting_mode":"list","block":{"attributes":{"name":{"type":"string","description":"The key of the header","description_kind":"plain","required":true},"value":{"type":"string","description":"The value of the header","description_kind":"plain","required":true}},"description":"contains an HTTP header of the request","description_kind":"plain"},"min_items":1}},"description":"The list of HTTP headers to be sent with requests of the monitor","description_kind":"plain"},"max_items":1},"ignored_error_codes":{"nesting_mode":"list","block":{"attributes":{"matching_document_requests":{"type":"string","description":"Only apply to document request matching this regex","description_kind":"plain","optional":true},"status_codes":{"type":"string","description":"You can use exact number, range or status class mask. Multiple values can be separated by comma, i.e. 404, 405-410, 5xx","description_kind":"plain","required":true}},"description":"Ignore specific status codes","description_kind":"plain"},"max_items":1},"javascript_setttings":{"nesting_mode":"list","block":{"attributes":{"custom_properties":{"type":"string","description":"Additional Javascript Agent Properties","description_kind":"plain","optional":true}},"block_types":{"timeout_settings":{"nesting_mode":"list","block":{"attributes":{"action_limit":{"type":"number","description":"Track up to n cascading setTimeout calls","description_kind":"plain","required":true},"total_timeout":{"type":"number","description":"Limit cascading timeouts cumulatively to n ms","description_kind":"plain","required":true}},"description":"Custom JavaScript Agent settings","description_kind":"plain"},"max_items":1},"visually_complete_options":{"nesting_mode":"list","block":{"attributes":{"excluded_elements":{"type":["list","string"],"description":"Query CSS selectors to specify mutation nodes (elements that change) to ignore in Visually complete and Speed index calculation","description_kind":"plain","optional":true},"excluded_urls":{"type":["list","string"],"description":"Parameters for Visually complete and Speed index calculation","description_kind":"plain","optional":true},"image_size_threshold":{"type":"number","description":"Use this setting to define the minimum visible area per element (in pixels) for an element to be counted towards Visually complete and Speed index","description_kind":"plain","required":true},"inactivity_timeout":{"type":"number","description":"The time the Visually complete module waits for inactivity and no further mutations on the page after the load action","description_kind":"plain","required":true},"mutation_timeout":{"type":"number","description":"The time the Visually complete module waits after an XHR or custom action closes to start the calculation","description_kind":"plain","required":true}},"description":"Parameters for Visually complete and Speed index calculation","description_kind":"plain"},"max_items":1}},"description":"Custom JavaScript Agent settings","description_kind":"plain"},"max_items":1}},"description":"The setup of the monitor","description_kind":"plain"},"max_items":1},"events":{"nesting_mode":"list","block":{"block_types":{"event":{"nesting_mode":"list","block":{"attributes":{"description":{"type":"string","description":"A short description of the event to appear in the UI","description_kind":"plain","required":true}},"block_types":{"click":{"nesting_mode":"list","block":{"attributes":{"button":{"type":"number","description":"the mouse button to be used for the click","description_kind":"plain","required":true}},"block_types":{"target":{"nesting_mode":"list","block":{"attributes":{"window":{"type":"string","description":"The tab of the target","description_kind":"plain","optional":true}},"block_types":{"locators":{"nesting_mode":"list","block":{"block_types":{"locator":{"nesting_mode":"list","block":{"attributes":{"type":{"type":"string","description":"Defines where to look for an element. `css` (CSS Selector) or `dom` (Javascript code)","description_kind":"plain","required":true},"value":{"type":"string","description":"The name of the element to be found","description_kind":"plain","required":true}},"description":"A locator dentifyies the desired element","description_kind":"plain"},"min_items":1}},"description":"The list of locators identifying the desired element","description_kind":"plain"}}},"description":"The tab on which the page should open","description_kind":"plain"},"max_items":1},"validate":{"nesting_mode":"list","block":{"block_types":{"validation":{"nesting_mode":"list","block":{"attributes":{"fail_if_found":{"type":"bool","description":"The condition of the validation. `false` means the validation succeeds if the specified content/element is found. `true` means the validation fails if the specified content/element is found","description_kind":"plain","optional":true},"match":{"type":"string","description":"The content to look for on the page.\nRegular expressions are allowed. In that case set `isRegex` as `true`. Required for `content_match`, optional for `element_match`.","description_kind":"plain","optional":true},"regex":{"type":"bool","description":"Defines whether `match` is plain text (`false`) or a regular expression (`true`)","description_kind":"plain","optional":true},"type":{"type":"string","description":"The goal of the validation. `content_match` (check page for the specific content. Not allowed for validation inside of wait condition), `element_match` (check page for the specific element).","description_kind":"plain","required":true}},"block_types":{"target":{"nesting_mode":"list","block":{"attributes":{"window":{"type":"string","description":"The tab of the target","description_kind":"plain","optional":true}},"block_types":{"locators":{"nesting_mode":"list","block":{"block_types":{"locator":{"nesting_mode":"list","block":{"attributes":{"type":{"type":"string","description":"Defines where to look for an element. `css` (CSS Selector) or `dom` (Javascript code)","description_kind":"plain","required":true},"value":{"type":"string","description":"The name of the element to be found","description_kind":"plain","required":true}},"description":"A locator dentifyies the desired element","description_kind":"plain"},"min_items":1}},"description":"The list of locators identifying the desired element","description_kind":"plain"}}},"description":"The elemnt to look for on the page","description_kind":"plain"},"max_items":1}},"description":"The element to wait for. Required for the `validation` type, not applicable otherwise.","description_kind":"plain"},"min_items":1}},"description":"The validation rules for the event—helps you verify that your browser monitor loads the expected page content or page element","description_kind":"plain"},"max_items":1},"wait":{"nesting_mode":"list","block":{"attributes":{"milliseconds":{"type":"number","description":"The time to wait, in millisencods. The maximum allowed value is `60000`. Required for the type `time`, not applicable otherwise.","description_kind":"plain","optional":true},"timeout":{"type":"number","description":"he maximum amount of time to wait for a certain element to appear, in milliseconds—if exceeded, the action is marked as failed.\nThe maximum allowed value is 60000. Required for the type `validation`, not applicable otherwise..","description_kind":"plain","optional":true},"wait_for":{"type":"string","description":"The time to wait before the next event is triggered. Possible values are `page_complete` (wait for the page to load completely), `network` (wait for background network activity to complete), `next_action` (wait for the next action), `time` (wait for a specified periodof time) and `validation` (wait for a specific element to appear)","description_kind":"plain","required":true}},"block_types":{"validation":{"nesting_mode":"list","block":{"attributes":{"fail_if_found":{"type":"bool","description":"The condition of the validation. `false` means the validation succeeds if the specified content/element is found. `true` means the validation fails if the specified content/element is found","description_kind":"plain","optional":true},"match":{"type":"string","description":"The content to look for on the page.\nRegular expressions are allowed. In that case set `isRegex` as `true`. Required for `content_match`, optional for `element_match`.","description_kind":"plain","optional":true},"regex":{"type":"bool","description":"Defines whether `match` is plain text (`false`) or a regular expression (`true`)","description_kind":"plain","optional":true},"type":{"type":"string","description":"The goal of the validation. `content_match` (check page for the specific content. Not allowed for validation inside of wait condition), `element_match` (check page for the specific element).","description_kind":"plain","required":true}},"block_types":{"target":{"nesting_mode":"list","block":{"attributes":{"window":{"type":"string","description":"The tab of the target","description_kind":"plain","optional":true}},"block_types":{"locators":{"nesting_mode":"list","block":{"block_types":{"locator":{"nesting_mode":"list","block":{"attributes":{"type":{"type":"string","description":"Defines where to look for an element. `css` (CSS Selector) or `dom` (Javascript code)","description_kind":"plain","required":true},"value":{"type":"string","description":"The name of the element to be found","description_kind":"plain","required":true}},"description":"A locator dentifyies the desired element","description_kind":"plain"},"min_items":1}},"description":"The list of locators identifying the desired element","description_kind":"plain"}}},"description":"The elemnt to look for on the page","description_kind":"plain"},"max_items":1}},"description":"The elements to wait for. Required for the `validation` type, not applicable otherwise.","description_kind":"plain"},"max_items":1}},"description":"The wait condition for the event—defines how long Dynatrace should wait before the next action is executed","description_kind":"plain"},"max_items":1}},"description":"Properties specified for a click event","description_kind":"plain"},"max_items":1},"cookie":{"nesting_mode":"list","block":{"block_types":{"cookies":{"nesting_mode":"list","block":{"block_types":{"cookie":{"nesting_mode":"list","block":{"attributes":{"domain":{"type":"string","description":"The domain of the cookie.","description_kind":"plain","required":true},"name":{"type":"string","description":"The name of the cookie. The following cookie names are now allowed: `dtCookie`, `dtLatC`, `dtPC`, `rxVisitor`, `rxlatency`, `rxpc`, `rxsession` and `rxvt`","description_kind":"plain","required":true},"path":{"type":"string","description":"The path of the cookie.","description_kind":"plain","optional":true},"value":{"type":"string","description":"The value of the cookie. The following symbols are not allowed: `;`, `,`, `\\` and `\"`.","description_kind":"plain","required":true}},"description":"A request cookie","description_kind":"plain"},"min_items":1}},"description":"Every cookie must be unique within the list. However, you can use the same cookie again in other event","description_kind":"plain"},"min_items":1,"max_items":1}},"description":"Properties specified for a cookie event","description_kind":"plain"},"max_items":1},"javascript":{"nesting_mode":"list","block":{"attributes":{"code":{"type":"string","description":"The JavaScript code to be executed in this event","description_kind":"plain","required":true}},"block_types":{"target":{"nesting_mode":"list","block":{"attributes":{"window":{"type":"string","description":"The tab of the target","description_kind":"plain","optional":true}},"block_types":{"locators":{"nesting_mode":"list","block":{"block_types":{"locator":{"nesting_mode":"list","block":{"attributes":{"type":{"type":"string","description":"Defines where to look for an element. `css` (CSS Selector) or `dom` (Javascript code)","description_kind":"plain","required":true},"value":{"type":"string","description":"The name of the element to be found","description_kind":"plain","required":true}},"description":"A locator dentifyies the desired element","description_kind":"plain"},"min_items":1}},"description":"The list of locators identifying the desired element","description_kind":"plain"}}},"description":"The tab on which the page should open","description_kind":"plain"},"max_items":1},"wait":{"nesting_mode":"list","block":{"attributes":{"milliseconds":{"type":"number","description":"The time to wait, in millisencods. The maximum allowed value is `60000`. Required for the type `time`, not applicable otherwise.","description_kind":"plain","optional":true},"timeout":{"type":"number","description":"he maximum amount of time to wait for a certain element to appear, in milliseconds—if exceeded, the action is marked as failed.\nThe maximum allowed value is 60000. Required for the type `validation`, not applicable otherwise..","description_kind":"plain","optional":true},"wait_for":{"type":"string","description":"The time to wait before the next event is triggered. Possible values are `page_complete` (wait for the page to load completely), `network` (wait for background network activity to complete), `next_action` (wait for the next action), `time` (wait for a specified periodof time) and `validation` (wait for a specific element to appear)","description_kind":"plain","required":true}},"block_types":{"validation":{"nesting_mode":"list","block":{"attributes":{"fail_if_found":{"type":"bool","description":"The condition of the validation. `false` means the validation succeeds if the specified content/element is found. `true` means the validation fails if the specified content/element is found","description_kind":"plain","optional":true},"match":{"type":"string","description":"The content to look for on the page.\nRegular expressions are allowed. In that case set `isRegex` as `true`. Required for `content_match`, optional for `element_match`.","description_kind":"plain","optional":true},"regex":{"type":"bool","description":"Defines whether `match` is plain text (`false`) or a regular expression (`true`)","description_kind":"plain","optional":true},"type":{"type":"string","description":"The goal of the validation. `content_match` (check page for the specific content. Not allowed for validation inside of wait condition), `element_match` (check page for the specific element).","description_kind":"plain","required":true}},"block_types":{"target":{"nesting_mode":"list","block":{"attributes":{"window":{"type":"string","description":"The tab of the target","description_kind":"plain","optional":true}},"block_types":{"locators":{"nesting_mode":"list","block":{"block_types":{"locator":{"nesting_mode":"list","block":{"attributes":{"type":{"type":"string","description":"Defines where to look for an element. `css` (CSS Selector) or `dom` (Javascript code)","description_kind":"plain","required":true},"value":{"type":"string","description":"The name of the element to be found","description_kind":"plain","required":true}},"description":"A locator dentifyies the desired element","description_kind":"plain"},"min_items":1}},"description":"The list of locators identifying the desired element","description_kind":"plain"}}},"description":"The elemnt to look for on the page","description_kind":"plain"},"max_items":1}},"description":"The elements to wait for. Required for the `validation` type, not applicable otherwise.","description_kind":"plain"},"max_items":1}},"description":"The wait condition for the event—defines how long Dynatrace should wait before the next action is executed","description_kind":"plain"},"max_items":1}},"description":"Properties specified for a javascript event","description_kind":"plain"},"max_items":1},"keystrokes":{"nesting_mode":"list","block":{"attributes":{"masked":{"type":"bool","description":"Indicates whether the `textValue` is encrypted (`true`) or not (`false`)","description_kind":"plain","optional":true},"simulate_blur_event":{"type":"bool","description":"Defines whether to blur the text field when it loses focus.\nSet to `true` to trigger the blur the `textValue`","description_kind":"plain","optional":true},"text":{"type":"string","description":"The text to enter","description_kind":"plain","required":true}},"block_types":{"target":{"nesting_mode":"list","block":{"attributes":{"window":{"type":"string","description":"The tab of the target","description_kind":"plain","optional":true}},"block_types":{"locators":{"nesting_mode":"list","block":{"block_types":{"locator":{"nesting_mode":"list","block":{"attributes":{"type":{"type":"string","description":"Defines where to look for an element. `css` (CSS Selector) or `dom` (Javascript code)","description_kind":"plain","required":true},"value":{"type":"string","description":"The name of the element to be found","description_kind":"plain","required":true}},"description":"A locator dentifyies the desired element","description_kind":"plain"},"min_items":1}},"description":"The list of locators identifying the desired element","description_kind":"plain"}}},"description":"The tab on which the page should open","description_kind":"plain"},"max_items":1},"validate":{"nesting_mode":"list","block":{"block_types":{"validation":{"nesting_mode":"list","block":{"attributes":{"fail_if_found":{"type":"bool","description":"The condition of the validation. `false` means the validation succeeds if the specified content/element is found. `true` means the validation fails if the specified content/element is found","description_kind":"plain","optional":true},"match":{"type":"string","description":"The content to look for on the page.\nRegular expressions are allowed. In that case set `isRegex` as `true`. Required for `content_match`, optional for `element_match`.","description_kind":"plain","optional":true},"regex":{"type":"bool","description":"Defines whether `match` is plain text (`false`) or a regular expression (`true`)","description_kind":"plain","optional":true},"type":{"type":"string","description":"The goal of the validation. `content_match` (check page for the specific content. Not allowed for validation inside of wait condition), `element_match` (check page for the specific element).","description_kind":"plain","required":true}},"block_types":{"target":{"nesting_mode":"list","block":{"attributes":{"window":{"type":"string","description":"The tab of the target","description_kind":"plain","optional":true}},"block_types":{"locators":{"nesting_mode":"list","block":{"block_types":{"locator":{"nesting_mode":"list","block":{"attributes":{"type":{"type":"string","description":"Defines where to look for an element. `css` (CSS Selector) or `dom` (Javascript code)","description_kind":"plain","required":true},"value":{"type":"string","description":"The name of the element to be found","description_kind":"plain","required":true}},"description":"A locator dentifyies the desired element","description_kind":"plain"},"min_items":1}},"description":"The list of locators identifying the desired element","description_kind":"plain"}}},"description":"The elemnt to look for on the page","description_kind":"plain"},"max_items":1}},"description":"The element to wait for. Required for the `validation` type, not applicable otherwise.","description_kind":"plain"},"min_items":1}},"description":"The validation rules for the event—helps you verify that your browser monitor loads the expected page content or page element","description_kind":"plain"},"max_items":1},"wait":{"nesting_mode":"list","block":{"attributes":{"milliseconds":{"type":"number","description":"The time to wait, in millisencods. The maximum allowed value is `60000`. Required for the type `time`, not applicable otherwise.","description_kind":"plain","optional":true},"timeout":{"type":"number","description":"he maximum amount of time to wait for a certain element to appear, in milliseconds—if exceeded, the action is marked as failed.\nThe maximum allowed value is 60000. Required for the type `validation`, not applicable otherwise..","description_kind":"plain","optional":true},"wait_for":{"type":"string","description":"The time to wait before the next event is triggered. Possible values are `page_complete` (wait for the page to load completely), `network` (wait for background network activity to complete), `next_action` (wait for the next action), `time` (wait for a specified periodof time) and `validation` (wait for a specific element to appear)","description_kind":"plain","required":true}},"block_types":{"validation":{"nesting_mode":"list","block":{"attributes":{"fail_if_found":{"type":"bool","description":"The condition of the validation. `false` means the validation succeeds if the specified content/element is found. `true` means the validation fails if the specified content/element is found","description_kind":"plain","optional":true},"match":{"type":"string","description":"The content to look for on the page.\nRegular expressions are allowed. In that case set `isRegex` as `true`. Required for `content_match`, optional for `element_match`.","description_kind":"plain","optional":true},"regex":{"type":"bool","description":"Defines whether `match` is plain text (`false`) or a regular expression (`true`)","description_kind":"plain","optional":true},"type":{"type":"string","description":"The goal of the validation. `content_match` (check page for the specific content. Not allowed for validation inside of wait condition), `element_match` (check page for the specific element).","description_kind":"plain","required":true}},"block_types":{"target":{"nesting_mode":"list","block":{"attributes":{"window":{"type":"string","description":"The tab of the target","description_kind":"plain","optional":true}},"block_types":{"locators":{"nesting_mode":"list","block":{"block_types":{"locator":{"nesting_mode":"list","block":{"attributes":{"type":{"type":"string","description":"Defines where to look for an element. `css` (CSS Selector) or `dom` (Javascript code)","description_kind":"plain","required":true},"value":{"type":"string","description":"The name of the element to be found","description_kind":"plain","required":true}},"description":"A locator dentifyies the desired element","description_kind":"plain"},"min_items":1}},"description":"The list of locators identifying the desired element","description_kind":"plain"}}},"description":"The elemnt to look for on the page","description_kind":"plain"},"max_items":1}},"description":"The elements to wait for. Required for the `validation` type, not applicable otherwise.","description_kind":"plain"},"max_items":1}},"description":"The wait condition for the event—defines how long Dynatrace should wait before the next action is executed","description_kind":"plain"},"max_items":1}},"description":"Properties specified for a key strokes event","description_kind":"plain"},"max_items":1},"navigate":{"nesting_mode":"list","block":{"attributes":{"url":{"type":"string","description":"The URL to navigate to","description_kind":"plain","required":true}},"block_types":{"authentication":{"nesting_mode":"list","block":{"attributes":{"creds":{"type":"string","description":"A reference to the entry within the credential vault","description_kind":"plain","required":true},"type":{"type":"string","description":"The type of authentication","description_kind":"plain","required":true}},"description":"The login credentials to bypass the browser login mask","description_kind":"plain"},"max_items":1},"target":{"nesting_mode":"list","block":{"attributes":{"window":{"type":"string","description":"The tab of the target","description_kind":"plain","optional":true}},"block_types":{"locators":{"nesting_mode":"list","block":{"block_types":{"locator":{"nesting_mode":"list","block":{"attributes":{"type":{"type":"string","description":"Defines where to look for an element. `css` (CSS Selector) or `dom` (Javascript code)","description_kind":"plain","required":true},"value":{"type":"string","description":"The name of the element to be found","description_kind":"plain","required":true}},"description":"A locator dentifyies the desired element","description_kind":"plain"},"min_items":1}},"description":"The list of locators identifying the desired element","description_kind":"plain"}}},"description":"The tab on which the page should open","description_kind":"plain"},"max_items":1},"validate":{"nesting_mode":"list","block":{"block_types":{"validation":{"nesting_mode":"list","block":{"attributes":{"fail_if_found":{"type":"bool","description":"The condition of the validation. `false` means the validation succeeds if the specified content/element is found. `true` means the validation fails if the specified content/element is found","description_kind":"plain","optional":true},"match":{"type":"string","description":"The content to look for on the page.\nRegular expressions are allowed. In that case set `isRegex` as `true`. Required for `content_match`, optional for `element_match`.","description_kind":"plain","optional":true},"regex":{"type":"bool","description":"Defines whether `match` is plain text (`false`) or a regular expression (`true`)","description_kind":"plain","optional":true},"type":{"type":"string","description":"The goal of the validation. `content_match` (check page for the specific content. Not allowed for validation inside of wait condition), `element_match` (check page for the specific element).","description_kind":"plain","required":true}},"block_types":{"target":{"nesting_mode":"list","block":{"attributes":{"window":{"type":"string","description":"The tab of the target","description_kind":"plain","optional":true}},"block_types":{"locators":{"nesting_mode":"list","block":{"block_types":{"locator":{"nesting_mode":"list","block":{"attributes":{"type":{"type":"string","description":"Defines where to look for an element. `css` (CSS Selector) or `dom` (Javascript code)","description_kind":"plain","required":true},"value":{"type":"string","description":"The name of the element to be found","description_kind":"plain","required":true}},"description":"A locator dentifyies the desired element","description_kind":"plain"},"min_items":1}},"description":"The list of locators identifying the desired element","description_kind":"plain"}}},"description":"The elemnt to look for on the page","description_kind":"plain"},"max_items":1}},"description":"The element to wait for. Required for the `validation` type, not applicable otherwise.","description_kind":"plain"},"min_items":1}},"description":"The validation rules for the event—helps you verify that your browser monitor loads the expected page content or page element","description_kind":"plain"},"max_items":1},"wait":{"nesting_mode":"list","block":{"attributes":{"milliseconds":{"type":"number","description":"The time to wait, in millisencods. The maximum allowed value is `60000`. Required for the type `time`, not applicable otherwise.","description_kind":"plain","optional":true},"timeout":{"type":"number","description":"he maximum amount of time to wait for a certain element to appear, in milliseconds—if exceeded, the action is marked as failed.\nThe maximum allowed value is 60000. Required for the type `validation`, not applicable otherwise..","description_kind":"plain","optional":true},"wait_for":{"type":"string","description":"The time to wait before the next event is triggered. Possible values are `page_complete` (wait for the page to load completely), `network` (wait for background network activity to complete), `next_action` (wait for the next action), `time` (wait for a specified periodof time) and `validation` (wait for a specific element to appear)","description_kind":"plain","required":true}},"block_types":{"validation":{"nesting_mode":"list","block":{"attributes":{"fail_if_found":{"type":"bool","description":"The condition of the validation. `false` means the validation succeeds if the specified content/element is found. `true` means the validation fails if the specified content/element is found","description_kind":"plain","optional":true},"match":{"type":"string","description":"The content to look for on the page.\nRegular expressions are allowed. In that case set `isRegex` as `true`. Required for `content_match`, optional for `element_match`.","description_kind":"plain","optional":true},"regex":{"type":"bool","description":"Defines whether `match` is plain text (`false`) or a regular expression (`true`)","description_kind":"plain","optional":true},"type":{"type":"string","description":"The goal of the validation. `content_match` (check page for the specific content. Not allowed for validation inside of wait condition), `element_match` (check page for the specific element).","description_kind":"plain","required":true}},"block_types":{"target":{"nesting_mode":"list","block":{"attributes":{"window":{"type":"string","description":"The tab of the target","description_kind":"plain","optional":true}},"block_types":{"locators":{"nesting_mode":"list","block":{"block_types":{"locator":{"nesting_mode":"list","block":{"attributes":{"type":{"type":"string","description":"Defines where to look for an element. `css` (CSS Selector) or `dom` (Javascript code)","description_kind":"plain","required":true},"value":{"type":"string","description":"The name of the element to be found","description_kind":"plain","required":true}},"description":"A locator dentifyies the desired element","description_kind":"plain"},"min_items":1}},"description":"The list of locators identifying the desired element","description_kind":"plain"}}},"description":"The elemnt to look for on the page","description_kind":"plain"},"max_items":1}},"description":"The elements to wait for. Required for the `validation` type, not applicable otherwise.","description_kind":"plain"},"max_items":1}},"description":"The wait condition for the event—defines how long Dynatrace should wait before the next action is executed","description_kind":"plain"},"max_items":1}},"description":"Properties specified for a navigation event","description_kind":"plain"},"max_items":1},"select":{"nesting_mode":"list","block":{"block_types":{"selections":{"nesting_mode":"list","block":{"block_types":{"option":{"nesting_mode":"list","block":{"attributes":{"index":{"type":"number","description":"The index of the option to be selected","description_kind":"plain","required":true},"value":{"type":"string","description":"The value of the option to be selected","description_kind":"plain","required":true}},"description":"The option to be selected","description_kind":"plain"},"min_items":1}},"description":"The options to be selected","description_kind":"plain"},"min_items":1,"max_items":1},"target":{"nesting_mode":"list","block":{"attributes":{"window":{"type":"string","description":"The tab of the target","description_kind":"plain","optional":true}},"block_types":{"locators":{"nesting_mode":"list","block":{"block_types":{"locator":{"nesting_mode":"list","block":{"attributes":{"type":{"type":"string","description":"Defines where to look for an element. `css` (CSS Selector) or `dom` (Javascript code)","description_kind":"plain","required":true},"value":{"type":"string","description":"The name of the element to be found","description_kind":"plain","required":true}},"description":"A locator dentifyies the desired element","description_kind":"plain"},"min_items":1}},"description":"The list of locators identifying the desired element","description_kind":"plain"}}},"description":"The tab on which the page should open","description_kind":"plain"},"max_items":1},"validate":{"nesting_mode":"list","block":{"block_types":{"validation":{"nesting_mode":"list","block":{"attributes":{"fail_if_found":{"type":"bool","description":"The condition of the validation. `false` means the validation succeeds if the specified content/element is found. `true` means the validation fails if the specified content/element is found","description_kind":"plain","optional":true},"match":{"type":"string","description":"The content to look for on the page.\nRegular expressions are allowed. In that case set `isRegex` as `true`. Required for `content_match`, optional for `element_match`.","description_kind":"plain","optional":true},"regex":{"type":"bool","description":"Defines whether `match` is plain text (`false`) or a regular expression (`true`)","description_kind":"plain","optional":true},"type":{"type":"string","description":"The goal of the validation. `content_match` (check page for the specific content. Not allowed for validation inside of wait condition), `element_match` (check page for the specific element).","description_kind":"plain","required":true}},"block_types":{"target":{"nesting_mode":"list","block":{"attributes":{"window":{"type":"string","description":"The tab of the target","description_kind":"plain","optional":true}},"block_types":{"locators":{"nesting_mode":"list","block":{"block_types":{"locator":{"nesting_mode":"list","block":{"attributes":{"type":{"type":"string","description":"Defines where to look for an element. `css` (CSS Selector) or `dom` (Javascript code)","description_kind":"plain","required":true},"value":{"type":"string","description":"The name of the element to be found","description_kind":"plain","required":true}},"description":"A locator dentifyies the desired element","description_kind":"plain"},"min_items":1}},"description":"The list of locators identifying the desired element","description_kind":"plain"}}},"description":"The elemnt to look for on the page","description_kind":"plain"},"max_items":1}},"description":"The element to wait for. Required for the `validation` type, not applicable otherwise.","description_kind":"plain"},"min_items":1}},"description":"The validation rules for the event—helps you verify that your browser monitor loads the expected page content or page element","description_kind":"plain"},"max_items":1},"wait":{"nesting_mode":"list","block":{"attributes":{"milliseconds":{"type":"number","description":"The time to wait, in millisencods. The maximum allowed value is `60000`. Required for the type `time`, not applicable otherwise.","description_kind":"plain","optional":true},"timeout":{"type":"number","description":"he maximum amount of time to wait for a certain element to appear, in milliseconds—if exceeded, the action is marked as failed.\nThe maximum allowed value is 60000. Required for the type `validation`, not applicable otherwise..","description_kind":"plain","optional":true},"wait_for":{"type":"string","description":"The time to wait before the next event is triggered. Possible values are `page_complete` (wait for the page to load completely), `network` (wait for background network activity to complete), `next_action` (wait for the next action), `time` (wait for a specified periodof time) and `validation` (wait for a specific element to appear)","description_kind":"plain","required":true}},"block_types":{"validation":{"nesting_mode":"list","block":{"attributes":{"fail_if_found":{"type":"bool","description":"The condition of the validation. `false` means the validation succeeds if the specified content/element is found. `true` means the validation fails if the specified content/element is found","description_kind":"plain","optional":true},"match":{"type":"string","description":"The content to look for on the page.\nRegular expressions are allowed. In that case set `isRegex` as `true`. Required for `content_match`, optional for `element_match`.","description_kind":"plain","optional":true},"regex":{"type":"bool","description":"Defines whether `match` is plain text (`false`) or a regular expression (`true`)","description_kind":"plain","optional":true},"type":{"type":"string","description":"The goal of the validation. `content_match` (check page for the specific content. Not allowed for validation inside of wait condition), `element_match` (check page for the specific element).","description_kind":"plain","required":true}},"block_types":{"target":{"nesting_mode":"list","block":{"attributes":{"window":{"type":"string","description":"The tab of the target","description_kind":"plain","optional":true}},"block_types":{"locators":{"nesting_mode":"list","block":{"block_types":{"locator":{"nesting_mode":"list","block":{"attributes":{"type":{"type":"string","description":"Defines where to look for an element. `css` (CSS Selector) or `dom` (Javascript code)","description_kind":"plain","required":true},"value":{"type":"string","description":"The name of the element to be found","description_kind":"plain","required":true}},"description":"A locator dentifyies the desired element","description_kind":"plain"},"min_items":1}},"description":"The list of locators identifying the desired element","description_kind":"plain"}}},"description":"The elemnt to look for on the page","description_kind":"plain"},"max_items":1}},"description":"The elements to wait for. Required for the `validation` type, not applicable otherwise.","description_kind":"plain"},"max_items":1}},"description":"The wait condition for the event—defines how long Dynatrace should wait before the next action is executed","description_kind":"plain"},"max_items":1}},"description":"Properties specified for a key strokes event. ","description_kind":"plain"},"max_items":1},"tap":{"nesting_mode":"list","block":{"attributes":{"button":{"type":"number","description":"the mouse button to be used for the click","description_kind":"plain","required":true}},"block_types":{"target":{"nesting_mode":"list","block":{"attributes":{"window":{"type":"string","description":"The tab of the target","description_kind":"plain","optional":true}},"block_types":{"locators":{"nesting_mode":"list","block":{"block_types":{"locator":{"nesting_mode":"list","block":{"attributes":{"type":{"type":"string","description":"Defines where to look for an element. `css` (CSS Selector) or `dom` (Javascript code)","description_kind":"plain","required":true},"value":{"type":"string","description":"The name of the element to be found","description_kind":"plain","required":true}},"description":"A locator dentifyies the desired element","description_kind":"plain"},"min_items":1}},"description":"The list of locators identifying the desired element","description_kind":"plain"}}},"description":"The tab on which the page should open","description_kind":"plain"},"max_items":1},"validate":{"nesting_mode":"list","block":{"block_types":{"validation":{"nesting_mode":"list","block":{"attributes":{"fail_if_found":{"type":"bool","description":"The condition of the validation. `false` means the validation succeeds if the specified content/element is found. `true` means the validation fails if the specified content/element is found","description_kind":"plain","optional":true},"match":{"type":"string","description":"The content to look for on the page.\nRegular expressions are allowed. In that case set `isRegex` as `true`. Required for `content_match`, optional for `element_match`.","description_kind":"plain","optional":true},"regex":{"type":"bool","description":"Defines whether `match` is plain text (`false`) or a regular expression (`true`)","description_kind":"plain","optional":true},"type":{"type":"string","description":"The goal of the validation. `content_match` (check page for the specific content. Not allowed for validation inside of wait condition), `element_match` (check page for the specific element).","description_kind":"plain","required":true}},"block_types":{"target":{"nesting_mode":"list","block":{"attributes":{"window":{"type":"string","description":"The tab of the target","description_kind":"plain","optional":true}},"block_types":{"locators":{"nesting_mode":"list","block":{"block_types":{"locator":{"nesting_mode":"list","block":{"attributes":{"type":{"type":"string","description":"Defines where to look for an element. `css` (CSS Selector) or `dom` (Javascript code)","description_kind":"plain","required":true},"value":{"type":"string","description":"The name of the element to be found","description_kind":"plain","required":true}},"description":"A locator dentifyies the desired element","description_kind":"plain"},"min_items":1}},"description":"The list of locators identifying the desired element","description_kind":"plain"}}},"description":"The elemnt to look for on the page","description_kind":"plain"},"max_items":1}},"description":"The element to wait for. Required for the `validation` type, not applicable otherwise.","description_kind":"plain"},"min_items":1}},"description":"The validation rules for the event—helps you verify that your browser monitor loads the expected page content or page element","description_kind":"plain"},"max_items":1},"wait":{"nesting_mode":"list","block":{"attributes":{"milliseconds":{"type":"number","description":"The time to wait, in millisencods. The maximum allowed value is `60000`. Required for the type `time`, not applicable otherwise.","description_kind":"plain","optional":true},"timeout":{"type":"number","description":"he maximum amount of time to wait for a certain element to appear, in milliseconds—if exceeded, the action is marked as failed.\nThe maximum allowed value is 60000. Required for the type `validation`, not applicable otherwise..","description_kind":"plain","optional":true},"wait_for":{"type":"string","description":"The time to wait before the next event is triggered. Possible values are `page_complete` (wait for the page to load completely), `network` (wait for background network activity to complete), `next_action` (wait for the next action), `time` (wait for a specified periodof time) and `validation` (wait for a specific element to appear)","description_kind":"plain","required":true}},"block_types":{"validation":{"nesting_mode":"list","block":{"attributes":{"fail_if_found":{"type":"bool","description":"The condition of the validation. `false` means the validation succeeds if the specified content/element is found. `true` means the validation fails if the specified content/element is found","description_kind":"plain","optional":true},"match":{"type":"string","description":"The content to look for on the page.\nRegular expressions are allowed. In that case set `isRegex` as `true`. Required for `content_match`, optional for `element_match`.","description_kind":"plain","optional":true},"regex":{"type":"bool","description":"Defines whether `match` is plain text (`false`) or a regular expression (`true`)","description_kind":"plain","optional":true},"type":{"type":"string","description":"The goal of the validation. `content_match` (check page for the specific content. Not allowed for validation inside of wait condition), `element_match` (check page for the specific element).","description_kind":"plain","required":true}},"block_types":{"target":{"nesting_mode":"list","block":{"attributes":{"window":{"type":"string","description":"The tab of the target","description_kind":"plain","optional":true}},"block_types":{"locators":{"nesting_mode":"list","block":{"block_types":{"locator":{"nesting_mode":"list","block":{"attributes":{"type":{"type":"string","description":"Defines where to look for an element. `css` (CSS Selector) or `dom` (Javascript code)","description_kind":"plain","required":true},"value":{"type":"string","description":"The name of the element to be found","description_kind":"plain","required":true}},"description":"A locator dentifyies the desired element","description_kind":"plain"},"min_items":1}},"description":"The list of locators identifying the desired element","description_kind":"plain"}}},"description":"The elemnt to look for on the page","description_kind":"plain"},"max_items":1}},"description":"The elements to wait for. Required for the `validation` type, not applicable otherwise.","description_kind":"plain"},"max_items":1}},"description":"The wait condition for the event—defines how long Dynatrace should wait before the next action is executed","description_kind":"plain"},"max_items":1}},"description":"Properties specified for a tap event","description_kind":"plain"},"max_items":1}},"description":"An event","description_kind":"plain"}}},"description":"Steps of the clickpath—the first step must always be of the `navigate` type","description_kind":"plain"},"max_items":1}},"description":"The Browser Script","description_kind":"plain"},"max_items":1},"tags":{"nesting_mode":"list","block":{"block_types":{"tag":{"nesting_mode":"list","block":{"attributes":{"context":{"type":"string","description":"The origin of the tag. Supported values are `AWS`, `AWS_GENERIC`, `AZURE`, `CLOUD_FOUNDRY`, `CONTEXTLESS`, `ENVIRONMENT`, `GOOGLE_CLOUD` and `KUBERNETES`.\n\nCustom tags use the `CONTEXTLESS` value.","description_kind":"plain","required":true},"key":{"type":"string","description":"The key of the tag.\n\nCustom tags have the tag value here.","description_kind":"plain","required":true},"source":{"type":"string","description":"The source of the tag. Supported values are `USER`, `RULE_BASED` and `AUTO`.","description_kind":"plain","optional":true},"value":{"type":"string","description":" The value of the tag.\n\nNot applicable to custom tags.","description_kind":"plain","optional":true}},"description":"Tag with source of a Dynatrace entity.","description_kind":"plain"}}},"description":"A set of tags assigned to the monitor.\n\nYou can specify only the value of the tag here and the `CONTEXTLESS` context and source 'USER' will be added automatically.","description_kind":"plain"}}},"description_kind":"plain"}},"dynatrace_calculated_service_metric":{"version":0,"block":{"attributes":{"enabled":{"type":"bool","description":"The metric is enabled (`true`) or disabled (`false`)","description_kind":"plain","optional":true},"entity_id":{"type":"string","description":"Restricts the metric usage to the specified service. This field is mutually exclusive with the `management_zones` field","description_kind":"plain","optional":true},"id":{"type":"string","description_kind":"plain","optional":true,"computed":true},"management_zones":{"type":["set","string"],"description":"Restricts the metric usage to specified management zones. This field is mutually exclusive with the `entity_id` field","description_kind":"plain","optional":true},"metric_key":{"type":"string","description":"The key of the calculated service metric","description_kind":"plain","required":true},"name":{"type":"string","description":"The displayed name of the metric","description_kind":"plain","required":true},"unit":{"type":"string","description":"The unit of the metric. Possible values are `BIT`, `BIT_PER_HOUR`, `BIT_PER_MINUTE`, `BIT_PER_SECOND`, `BYTE`, `BYTE_PER_HOUR`, `BYTE_PER_MINUTE`, `BYTE_PER_SECOND`, `CORES`, `COUNT`, `DAY`, `DECIBEL_MILLI_WATT`, `GIBI_BYTE`, `GIGA`, `GIGA_BYTE`, `HOUR`, `KIBI_BYTE`, `KIBI_BYTE_PER_HOUR`, `KIBI_BYTE_PER_MINUTE`, `KIBI_BYTE_PER_SECOND`, `KILO`, `KILO_BYTE`, `KILO_BYTE_PER_HOUR`, `KILO_BYTE_PER_MINUTE`, `KILO_BYTE_PER_SECOND`, `MEBI_BYTE`, `MEBI_BYTE_PER_HOUR`, `MEBI_BYTE_PER_MINUTE`, `MEBI_BYTE_PER_SECOND`, `MEGA`, `MEGA_BYTE`, `MEGA_BYTE_PER_HOUR`, `MEGA_BYTE_PER_MINUTE`, `MEGA_BYTE_PER_SECOND`, `MICRO_SECOND`, `MILLI_CORES`, `MILLI_SECOND`, `MILLI_SECOND_PER_MINUTE`, `MINUTE`, `MONTH`, `MSU`, `NANO_SECOND`, `NANO_SECOND_PER_MINUTE`, `NOT_APPLICABLE`, `PERCENT`, `PER_HOUR`, `PER_MINUTE`, `PER_SECOND`, `PIXEL`, `PROMILLE`, `RATIO`, `SECOND`, `STATE`, `UNSPECIFIED`, `WEEK` and `YEAR`","description_kind":"plain","required":true},"unit_display_name":{"type":"string","description":"The display name of the metric's unit. Only applicable when the **unit** parameter is set to `UNSPECIFIED`","description_kind":"plain","optional":true},"unknowns":{"type":"string","description":"allows for configuring properties that are not explicitly supported by the current version of this provider","description_kind":"plain","optional":true}},"block_types":{"conditions":{"nesting_mode":"list","block":{"block_types":{"condition":{"nesting_mode":"list","block":{"attributes":{"attribute":{"type":"string","description":"The attribute to be matched.  Note that for a service property attribute you must use the comparison of the `FAST_STRING` type. Possible values are `ACTOR_SYSTEM`, `AKKA_ACTOR_CLASS_NAME`, `AKKA_ACTOR_MESSAGE_TYPE`, `AKKA_ACTOR_PATH`, `APPLICATION_BUILD_VERSION`, `APPLICATION_RELEASE_VERSION`, `AZURE_FUNCTIONS_FUNCTION_NAME`, `AZURE_FUNCTIONS_SITE_NAME`, `CICS_PROGRAM_NAME`, `CICS_SYSTEM_ID`, `CICS_TASK_ID`, `CICS_TRANSACTION_ID`, `CICS_USER_ID`, `CPU_TIME`, `CTG_GATEWAY_URL`, `CTG_PROGRAM`, `CTG_SERVER_NAME`, `CTG_TRANSACTION_ID`, `CUSTOMSERVICE_CLASS`, `CUSTOMSERVICE_METHOD`, `DATABASE_CHILD_CALL_COUNT`, `DATABASE_CHILD_CALL_TIME`, `DATABASE_HOST`, `DATABASE_NAME`, `DATABASE_TYPE`, `DATABASE_URL`, `DISK_IO_TIME`, `ERROR_COUNT`, `ESB_APPLICATION_NAME`, `ESB_INPUT_TYPE`, `ESB_LIBRARY_NAME`, `ESB_MESSAGE_FLOW_NAME`, `EXCEPTION_CLASS`, `EXCEPTION_MESSAGE`, `FAILED_STATE`, `FAILURE_REASON`, `FLAW_STATE`, `HTTP_REQUEST_METHOD`, `HTTP_STATUS`, `HTTP_STATUS_CLASS`, `IMS_PROGRAM_NAME`, `IMS_TRANSACTION_ID`, `IMS_USER_ID`, `IO_TIME`, `IS_KEY_REQUEST`, `LAMBDA_COLDSTART`, `LOCK_TIME`, `MESSAGING_DESTINATION_TYPE`, `MESSAGING_IS_TEMPORARY_QUEUE`, `MESSAGING_QUEUE_NAME`, `MESSAGING_QUEUE_VENDOR`, `NETWORK_IO_TIME`, `NON_DATABASE_CHILD_CALL_COUNT`, `NON_DATABASE_CHILD_CALL_TIME`, `PROCESS_GROUP_NAME`, `PROCESS_GROUP_TAG`, `REMOTE_ENDPOINT`, `REMOTE_METHOD`, `REMOTE_SERVICE_NAME`, `REQUEST_NAME`, `REQUEST_TYPE`, `RESPONSE_TIME`, `RESPONSE_TIME_CLIENT`, `RMI_CLASS`, `RMI_METHOD`, `SERVICE_DISPLAY_NAME`, `SERVICE_NAME`, `SERVICE_PORT`, `SERVICE_PUBLIC_DOMAIN_NAME`, `SERVICE_REQUEST_ATTRIBUTE`, `SERVICE_TAG`, `SERVICE_TYPE`, `SERVICE_WEB_APPLICATION_ID`, `SERVICE_WEB_CONTEXT_ROOT`, `SERVICE_WEB_SERVER_NAME`, `SERVICE_WEB_SERVICE_NAME`, `SERVICE_WEB_SERVICE_NAMESPACE`, `SUSPENSION_TIME`, `TOTAL_PROCESSING_TIME`, `WAIT_TIME`, `WEBREQUEST_QUERY`, `WEBREQUEST_RELATIVE_URL`, `WEBREQUEST_URL`, `WEBREQUEST_URL_HOST`, `WEBREQUEST_URL_PATH`, `WEBREQUEST_URL_PORT`, `WEBSERVICE_ENDPOINT`, `WEBSERVICE_METHOD` and `ZOS_CALL_TYPE`","description_kind":"plain","required":true}},"block_types":{"comparison":{"nesting_mode":"list","block":{"attributes":{"negate":{"type":"bool","description":"Reverse the comparison **operator**. For example, it turns **equals** into **does not equal**","description_kind":"plain","optional":true}},"block_types":{"boolean":{"nesting_mode":"list","block":{"attributes":{"operator":{"type":"string","description":"Operator of the comparison. You can reverse it by setting `negate` to `true`. Possible values are `EQUALS`, `EQUALS_ANY_OF` and `EXISTS`","description_kind":"plain","optional":true},"unknowns":{"type":"string","description":"allows for configuring properties that are not explicitly supported by the current version of this provider","description_kind":"plain","optional":true},"value":{"type":"bool","description":"The value to compare to","description_kind":"plain","optional":true},"values":{"type":["set","bool"],"description":"The values to compare to","description_kind":"plain","optional":true}},"description":"Boolean Comparison for `BOOLEAN` attributes","description_kind":"plain"},"max_items":1},"esb_input_node_type":{"nesting_mode":"list","block":{"attributes":{"operator":{"type":"string","description":"Operator of the comparison. You can reverse it by setting `negate` to `true`. Possible values are `EQUALS`, `EQUALS_ANY_OF` and `EXISTS`","description_kind":"plain","optional":true},"unknowns":{"type":"string","description":"allows for configuring properties that are not explicitly supported by the current version of this provider","description_kind":"plain","optional":true},"value":{"type":"string","description":"The value to compare to. Possible values are `CALLABLE_FLOW_ASYNC_RESPONSE_NODE`, `CALLABLE_FLOW_INPUT_NODE`, `DATABASE_INPUT_NODE`, `DOTNET_INPUT_NODE`, `EMAIL_INPUT_NODE`, `EVENT_INPUT`, `EVENT_INPUT_NODE`, `FILE_INPUT_NODE`, `FTE_INPUT_NODE`, `HTTP_ASYNC_RESPONSE`, `JD_EDWARDS_INPUT_NODE`, `JMS_CLIENT_INPUT_NODE`, `LABEL_NODE`, `MQ_INPUT_NODE`, `PEOPLE_SOFT_INPUT_NODE`, `REST_ASYNC_RESPONSE`, `REST_REQUEST`, `SAP_INPUT_NODE`, `SCA_ASYNC_RESPONSE_NODE`, `SCA_INPUT_NODE`, `SIEBEL_INPUT_NODE`, `SOAP_INPUT_NODE`, `TCPIP_CLIENT_INPUT_NODE`, `TCPIP_CLIENT_REQUEST_NODE`, `TCPIP_SERVER_INPUT_NODE`, `TCPIP_SERVER_REQUEST_NODE`, `TIMEOUT_NOTIFICATION_NODE` and `WS_INPUT_NODE`","description_kind":"plain","optional":true},"values":{"type":["set","string"],"description":"The values to compare to. Possible values are `CALLABLE_FLOW_ASYNC_RESPONSE_NODE`, `CALLABLE_FLOW_INPUT_NODE`, `DATABASE_INPUT_NODE`, `DOTNET_INPUT_NODE`, `EMAIL_INPUT_NODE`, `EVENT_INPUT`, `EVENT_INPUT_NODE`, `FILE_INPUT_NODE`, `FTE_INPUT_NODE`, `HTTP_ASYNC_RESPONSE`, `JD_EDWARDS_INPUT_NODE`, `JMS_CLIENT_INPUT_NODE`, `LABEL_NODE`, `MQ_INPUT_NODE`, `PEOPLE_SOFT_INPUT_NODE`, `REST_ASYNC_RESPONSE`, `REST_REQUEST`, `SAP_INPUT_NODE`, `SCA_ASYNC_RESPONSE_NODE`, `SCA_INPUT_NODE`, `SIEBEL_INPUT_NODE`, `SOAP_INPUT_NODE`, `TCPIP_CLIENT_INPUT_NODE`, `TCPIP_CLIENT_REQUEST_NODE`, `TCPIP_SERVER_INPUT_NODE`, `TCPIP_SERVER_REQUEST_NODE`, `TIMEOUT_NOTIFICATION_NODE` and `WS_INPUT_NODE`","description_kind":"plain","optional":true}},"description":"Type-specific comparison information for attributes of type 'ESB_INPUT_NODE_TYPE'","description_kind":"plain"},"max_items":1},"failed_state":{"nesting_mode":"list","block":{"attributes":{"operator":{"type":"string","description":"Operator of the comparison. You can reverse it by setting `negate` to `true`. Possible values are `EQUALS`, `EQUALS_ANY_OF` and `EXISTS`","description_kind":"plain","optional":true},"unknowns":{"type":"string","description":"allows for configuring properties that are not explicitly supported by the current version of this provider","description_kind":"plain","optional":true},"value":{"type":"string","description":"The value to compare to. Possible values are `FAILED` and `FAILED`","description_kind":"plain","optional":true},"values":{"type":["set","string"],"description":"The values to compare to. Possible values are `FAILED` and `FAILED`","description_kind":"plain","optional":true}},"description":"Comparison for `FAILED_STATE` attributes","description_kind":"plain"},"max_items":1},"failure_reason":{"nesting_mode":"list","block":{"attributes":{"operator":{"type":"string","description":"Operator of the comparison. You can reverse it by setting `negate` to `true`. Possible values are `EQUALS`, `EQUALS_ANY_OF` and `EXISTS`","description_kind":"plain","optional":true},"unknowns":{"type":"string","description":"allows for configuring properties that are not explicitly supported by the current version of this provider","description_kind":"plain","optional":true},"value":{"type":"string","description":"The value to compare to. Possible values are `EXCEPTION_AT_ENTRY_NODE`, `EXCEPTION_ON_ANY_NODE`, `HTTP_CODE` and `REQUEST_ATTRIBUTE`","description_kind":"plain","optional":true},"values":{"type":["set","string"],"description":"The values to compare to. Possible values are `EXCEPTION_AT_ENTRY_NODE`, `EXCEPTION_ON_ANY_NODE`, `HTTP_CODE` and `REQUEST_ATTRIBUTE`","description_kind":"plain","optional":true}},"description":"Comparison for `FAILURE_REASON` attributes","description_kind":"plain"},"max_items":1},"fast_string":{"nesting_mode":"list","block":{"attributes":{"case_sensitive":{"type":"bool","description":"The comparison is case-sensitive (`true`) or not case-sensitive (`false`)","description_kind":"plain","optional":true},"operator":{"type":"string","description":"Operator of the comparison. You can reverse it by setting `negate` to `true`. Possible values are `EQUALS`, `EQUALS_ANY_OF` and `CONTAINS`","description_kind":"plain","optional":true},"unknowns":{"type":"string","description":"allows for configuring properties that are not explicitly supported by the current version of this provider","description_kind":"plain","optional":true},"value":{"type":"string","description":"The value to compare to","description_kind":"plain","optional":true},"values":{"type":["set","string"],"description":"The values to compare to","description_kind":"plain","optional":true}},"description":"Comparison for `FAST_STRING` attributes. Use it for all service property attributes","description_kind":"plain"},"max_items":1},"flaw_state":{"nesting_mode":"list","block":{"attributes":{"operator":{"type":"string","description":"Operator of the comparison. You can reverse it by setting `negate` to `true`. Possible values are `EQUALS`, `EQUALS_ANY_OF` and `EXISTS`","description_kind":"plain","optional":true},"unknowns":{"type":"string","description":"allows for configuring properties that are not explicitly supported by the current version of this provider","description_kind":"plain","optional":true},"value":{"type":"string","description":"The value to compare to. Possible values are `FLAWED` and `NOT_FLAWED`","description_kind":"plain","optional":true},"values":{"type":["set","string"],"description":"The values to compare to. Possible values are `FLAWED` and `NOT_FLAWED`","description_kind":"plain","optional":true}},"description":"Comparison for `FLAW_STATE` attributes","description_kind":"plain"},"max_items":1},"generic":{"nesting_mode":"list","block":{"attributes":{"type":{"type":"string","description":"Defines the actual set of fields depending on the value","description_kind":"plain","required":true},"unknowns":{"type":"string","description":"allows for configuring properties that are not explicitly supported by the current version of this provider","description_kind":"plain","optional":true}},"description":"Comparison for `NUMBER` attributes","description_kind":"plain"},"max_items":1},"http_method":{"nesting_mode":"list","block":{"attributes":{"operator":{"type":"string","description":"Operator of the comparison. You can reverse it by setting `negate` to `true`. Possible values are `EQUALS`, `EQUALS_ANY_OF` and `EXISTS`","description_kind":"plain","optional":true},"unknowns":{"type":"string","description":"allows for configuring properties that are not explicitly supported by the current version of this provider","description_kind":"plain","optional":true},"value":{"type":"string","description":"The value to compare to. Possible values are `CONNECT`, `DELETE`, `GET`, `HEAD`, `OPTIONS`, `PATCH`, `POST`, `PUT` and `TRACE`","description_kind":"plain","optional":true},"values":{"type":["set","string"],"description":"The values to compare to. Possible values are `CONNECT`, `DELETE`, `GET`, `HEAD`, `OPTIONS`, `PATCH`, `POST`, `PUT` and `TRACE`","description_kind":"plain","optional":true}},"description":"Comparison for `HTTP_METHOD` attributes","description_kind":"plain"},"max_items":1},"http_status_class":{"nesting_mode":"list","block":{"attributes":{"operator":{"type":"string","description":"Operator of the comparison. You can reverse it by setting `negate` to `true`. Possible values are `EQUALS`, `EQUALS_ANY_OF` and `EXISTS`","description_kind":"plain","optional":true},"unknowns":{"type":"string","description":"allows for configuring properties that are not explicitly supported by the current version of this provider","description_kind":"plain","optional":true},"value":{"type":"string","description":"The value to compare to. Possible values are `C_1XX`, `C_2XX`, `C_3XX`, `C_4XX`, `C_5XX` and `NO_RESPONSE`","description_kind":"plain","optional":true},"values":{"type":["set","string"],"description":"The values to compare to. Possible values are `C_1XX`, `C_2XX`, `C_3XX`, `C_4XX`, `C_5XX` and `NO_RESPONSE`","description_kind":"plain","optional":true}},"description":"Comparison for `HTTP_STATUS_CLASS` attributes","description_kind":"plain"},"max_items":1},"iib_input_node_type":{"nesting_mode":"list","block":{"attributes":{"operator":{"type":"string","description":"Operator of the comparison. You can reverse it by setting `negate` to `true`. Possible values are `EQUALS`, `EQUALS_ANY_OF` and `EXISTS`","description_kind":"plain","optional":true},"unknowns":{"type":"string","description":"allows for configuring properties that are not explicitly supported by the current version of this provider","description_kind":"plain","optional":true},"value":{"type":"string","description":"The value to compare to. Possible values are `CALLABLE_FLOW_ASYNC_RESPONSE_NODE`, `CALLABLE_FLOW_INPUT_NODE`, `DATABASE_INPUT_NODE`, `DOTNET_INPUT_NODE`, `EMAIL_INPUT_NODE`, `EVENT_INPUT`, `EVENT_INPUT_NODE`, `FILE_INPUT_NODE`, `FTE_INPUT_NODE`, `HTTP_ASYNC_RESPONSE`, `JD_EDWARDS_INPUT_NODE`, `JMS_CLIENT_INPUT_NODE`, `LABEL_NODE`, `MQ_INPUT_NODE`, `PEOPLE_SOFT_INPUT_NODE`, `REST_ASYNC_RESPONSE`, `REST_REQUEST`, `SAP_INPUT_NODE`, `SCA_ASYNC_RESPONSE_NODE`, `SCA_INPUT_NODE`, `SIEBEL_INPUT_NODE`, `SOAP_INPUT_NODE`, `TCPIP_CLIENT_INPUT_NODE`, `TCPIP_CLIENT_REQUEST_NODE`, `TCPIP_SERVER_INPUT_NODE`, `TCPIP_SERVER_REQUEST_NODE`, `TIMEOUT_NOTIFICATION_NODE` and `WS_INPUT_NODE`","description_kind":"plain","optional":true},"values":{"type":["set","string"],"description":"The values to compare to. Possible values are `CALLABLE_FLOW_ASYNC_RESPONSE_NODE`, `CALLABLE_FLOW_INPUT_NODE`, `DATABASE_INPUT_NODE`, `DOTNET_INPUT_NODE`, `EMAIL_INPUT_NODE`, `EVENT_INPUT`, `EVENT_INPUT_NODE`, `FILE_INPUT_NODE`, `FTE_INPUT_NODE`, `HTTP_ASYNC_RESPONSE`, `JD_EDWARDS_INPUT_NODE`, `JMS_CLIENT_INPUT_NODE`, `LABEL_NODE`, `MQ_INPUT_NODE`, `PEOPLE_SOFT_INPUT_NODE`, `REST_ASYNC_RESPONSE`, `REST_REQUEST`, `SAP_INPUT_NODE`, `SCA_ASYNC_RESPONSE_NODE`, `SCA_INPUT_NODE`, `SIEBEL_INPUT_NODE`, `SOAP_INPUT_NODE`, `TCPIP_CLIENT_INPUT_NODE`, `TCPIP_CLIENT_REQUEST_NODE`, `TCPIP_SERVER_INPUT_NODE`, `TCPIP_SERVER_REQUEST_NODE`, `TIMEOUT_NOTIFICATION_NODE` and `WS_INPUT_NODE`","description_kind":"plain","optional":true}},"description":"Comparison for `IIB_INPUT_NODE_TYPE` attributes","description_kind":"plain"},"max_items":1},"number":{"nesting_mode":"list","block":{"attributes":{"operator":{"type":"string","description":"Operator of the comparison. You can reverse it by setting `negate` to `true`. Possible values are `EQUALS`, `EQUALS_ANY_OF`, `EXISTS`, `GREATER_THAN`, `GREATER_THAN_OR_EQUAL`, `LOWER_THAN` and `LOWER_THAN_OR_EQUAL`","description_kind":"plain","optional":true},"unknowns":{"type":"string","description":"allows for configuring properties that are not explicitly supported by the current version of this provider","description_kind":"plain","optional":true},"value":{"type":"number","description":"The value to compare to","description_kind":"plain","optional":true},"values":{"type":["set","number"],"description":"The values to compare to","description_kind":"plain","optional":true}},"description":"Comparison for `NUMBER` attributes","description_kind":"plain"},"max_items":1},"number_request_attribute":{"nesting_mode":"list","block":{"attributes":{"match_on_child_calls":{"type":"bool","description":"If `true`, the request attribute is matched on child service calls. Default is `false`","description_kind":"plain","optional":true},"operator":{"type":"string","description":"Operator of the comparison. You can reverse it by setting `negate` to `true`. Possible values are `EQUALS`, `EQUALS_ANY_OF`, `EXISTS`, `GREATER_THAN`, `GREATER_THAN_OR_EQUAL`, `LOWER_THAN` and `LOWER_THAN_OR_EQUAL`","description_kind":"plain","optional":true},"request_attribute":{"type":"string","description":"No documentation available for this attribute","description_kind":"plain","required":true},"unknowns":{"type":"string","description":"allows for configuring properties that are not explicitly supported by the current version of this provider","description_kind":"plain","optional":true},"value":{"type":"number","description":"The value to compare to","description_kind":"plain","optional":true},"values":{"type":["set","number"],"description":"The values to compare to","description_kind":"plain","optional":true}},"block_types":{"source":{"nesting_mode":"list","block":{"attributes":{"management_zone":{"type":"string","description":"Use only request attributes from services that belong to this management zone.. Use either this or `serviceTag`","description_kind":"plain","optional":true},"unknowns":{"type":"string","description":"allows for configuring properties that are not explicitly supported by the current version of this provider","description_kind":"plain","optional":true}},"block_types":{"service_tag":{"nesting_mode":"list","block":{"attributes":{"context":{"type":"string","description":"The origin of the tag, such as AWS or Cloud Foundry. For custom tags use the `CONTEXTLESS` value. The context is set for tags that are automatically imported by OneAgent (for example, from the AWS console or environment variables). It’s useful for determining the origin of tags when not manually defined, and it also helps to prevent clashes with other existing tags. If the tag is not automatically imported, `CONTEXTLESS` set. Possible values are `AWS`, `AWS_GENERIC`, `AZURE`, `CLOUD_FOUNDRY`, `CONTEXTLESS`, `ENVIRONMENT`, `GOOGLE_COMPUTE_ENGINE` and `KUBERNETES`","description_kind":"plain","optional":true},"key":{"type":"string","description":"The key of the tag. For custom tags, put the tag value here. The key allows categorization of multiple tags. It is possible that there are multiple values for a single key which will all be represented as standalone tags. Therefore, the key does not have the semantic of a map key but is more like a key of a key-value tuple. In some cases, for example custom tags, the key represents the actual tag value and the value field is not set – those are called valueless tags","description_kind":"plain","required":true},"value":{"type":"string","description":"The value of the tag. Not applicable to custom tags. If a tag does have a separate key and value (in the textual representation they are split by the colon ‘:’), this field is set with the actual value. Key-value pairs can occur for automatically imported tags and tags set by rules if extractors are used","description_kind":"plain","optional":true}},"block_types":{"tag_key":{"nesting_mode":"list","block":{"attributes":{"context":{"type":"string","description":"has no documentation","description_kind":"plain","optional":true},"key":{"type":"string","description":"has no documentation","description_kind":"plain","optional":true}},"description":"has no documentation","description_kind":"plain"},"max_items":1}},"description":"Use only request attributes from services that have this tag. Use either this or `managementZone`","description_kind":"plain"},"max_items":1}},"description":"Defines valid sources of request attributes for conditions or placeholders","description_kind":"plain"},"max_items":1}},"description":"Comparison for `NUMBER_REQUEST_ATTRIBUTE` attributes","description_kind":"plain"},"max_items":1},"service_type":{"nesting_mode":"list","block":{"attributes":{"operator":{"type":"string","description":"Operator of the comparison. You can reverse it by setting `negate` to `true`. Possible values are `EQUALS`, `EQUALS_ANY_OF` and `EXISTS`","description_kind":"plain","optional":true},"unknowns":{"type":"string","description":"allows for configuring properties that are not explicitly supported by the current version of this provider","description_kind":"plain","optional":true},"value":{"type":"string","description":"The value to compare to. Possible values are `BACKGROUND_ACTIVITY`, `CICS_SERVICE`, `CUSTOM_SERVICE`, `DATABASE_SERVICE`, `ENTERPRISE_SERVICE_BUS_SERVICE`, `EXTERNAL`, `IBM_INTEGRATION_BUS_SERVICE`, `IMS_SERVICE`, `MESSAGING_SERVICE`, `RMI_SERVICE`, `RPC_SERVICE`, `WEB_REQUEST_SERVICE` and `WEB_SERVICE`","description_kind":"plain","optional":true},"values":{"type":["set","string"],"description":"The values to compare to. Possible values are `BACKGROUND_ACTIVITY`, `CICS_SERVICE`, `CUSTOM_SERVICE`, `DATABASE_SERVICE`, `ENTERPRISE_SERVICE_BUS_SERVICE`, `EXTERNAL`, `IBM_INTEGRATION_BUS_SERVICE`, `IMS_SERVICE`, `MESSAGING_SERVICE`, `RMI_SERVICE`, `RPC_SERVICE`, `WEB_REQUEST_SERVICE` and `WEB_SERVICE`","description_kind":"plain","optional":true}},"description":"Comparison for `SERVICE_TYPE` attributes","description_kind":"plain"},"max_items":1},"string":{"nesting_mode":"list","block":{"attributes":{"case_sensitive":{"type":"bool","description":"The comparison is case-sensitive (`true`) or not case-sensitive (`false`)","description_kind":"plain","optional":true},"operator":{"type":"string","description":"Operator of the comparison. You can reverse it by setting `negate` to `true`. Possible values are `BEGINS_WITH`, `BEGINS_WITH_ANY_OF`, `CONTAINS`, `ENDS_WITH`, `ENDS_WITH_ANY_OF`, `EQUALS`, `EQUALS_ANY_OF`, `EXISTS` and `REGEX_MATCHES`","description_kind":"plain","optional":true},"unknowns":{"type":"string","description":"allows for configuring properties that are not explicitly supported by the current version of this provider","description_kind":"plain","optional":true},"value":{"type":"string","description":"The value to compare to","description_kind":"plain","optional":true},"values":{"type":["set","string"],"description":"The values to compare to","description_kind":"plain","optional":true}},"description":"Comparison for `STRING` attributes","description_kind":"plain"},"max_items":1},"string_request_attribute":{"nesting_mode":"list","block":{"attributes":{"case_sensitive":{"type":"bool","description":"The comparison is case-sensitive (`true`) or not case-sensitive (`false`)","description_kind":"plain","optional":true},"match_on_child_calls":{"type":"bool","description":"If `true`, the request attribute is matched on child service calls. Default is `false`","description_kind":"plain","optional":true},"operator":{"type":"string","description":"Operator of the comparison. You can reverse it by setting `negate` to `true`. Possible values are `BEGINS_WITH`, `BEGINS_WITH_ANY_OF`, `CONTAINS`, `ENDS_WITH`, `ENDS_WITH_ANY_OF`, `EQUALS`, `EQUALS_ANY_OF`, `EXISTS` and `REGEX_MATCHES`","description_kind":"plain","optional":true},"request_attribute":{"type":"string","description":"No documentation available for this attribute","description_kind":"plain","required":true},"unknowns":{"type":"string","description":"allows for configuring properties that are not explicitly supported by the current version of this provider","description_kind":"plain","optional":true},"value":{"type":"string","description":"The value to compare to","description_kind":"plain","optional":true},"values":{"type":["set","string"],"description":"The values to compare to","description_kind":"plain","optional":true}},"block_types":{"source":{"nesting_mode":"list","block":{"attributes":{"management_zone":{"type":"string","description":"Use only request attributes from services that belong to this management zone.. Use either this or `serviceTag`","description_kind":"plain","optional":true},"unknowns":{"type":"string","description":"allows for configuring properties that are not explicitly supported by the current version of this provider","description_kind":"plain","optional":true}},"block_types":{"service_tag":{"nesting_mode":"list","block":{"attributes":{"context":{"type":"string","description":"The origin of the tag, such as AWS or Cloud Foundry. For custom tags use the `CONTEXTLESS` value. The context is set for tags that are automatically imported by OneAgent (for example, from the AWS console or environment variables). It’s useful for determining the origin of tags when not manually defined, and it also helps to prevent clashes with other existing tags. If the tag is not automatically imported, `CONTEXTLESS` set. Possible values are `AWS`, `AWS_GENERIC`, `AZURE`, `CLOUD_FOUNDRY`, `CONTEXTLESS`, `ENVIRONMENT`, `GOOGLE_COMPUTE_ENGINE` and `KUBERNETES`","description_kind":"plain","optional":true},"key":{"type":"string","description":"The key of the tag. For custom tags, put the tag value here. The key allows categorization of multiple tags. It is possible that there are multiple values for a single key which will all be represented as standalone tags. Therefore, the key does not have the semantic of a map key but is more like a key of a key-value tuple. In some cases, for example custom tags, the key represents the actual tag value and the value field is not set – those are called valueless tags","description_kind":"plain","required":true},"value":{"type":"string","description":"The value of the tag. Not applicable to custom tags. If a tag does have a separate key and value (in the textual representation they are split by the colon ‘:’), this field is set with the actual value. Key-value pairs can occur for automatically imported tags and tags set by rules if extractors are used","description_kind":"plain","optional":true}},"block_types":{"tag_key":{"nesting_mode":"list","block":{"attributes":{"context":{"type":"string","description":"has no documentation","description_kind":"plain","optional":true},"key":{"type":"string","description":"has no documentation","description_kind":"plain","optional":true}},"description":"has no documentation","description_kind":"plain"},"max_items":1}},"description":"Use only request attributes from services that have this tag. Use either this or `managementZone`","description_kind":"plain"},"max_items":1}},"description":"Defines valid sources of request attributes for conditions or placeholders","description_kind":"plain"},"max_items":1}},"description":"Comparison for `STRING_REQUEST_ATTRIBUTE` attributes","description_kind":"plain"},"max_items":1},"tag":{"nesting_mode":"list","block":{"attributes":{"operator":{"type":"string","description":"Operator of the comparison. You can reverse it by setting `negate` to `true`. Possible values are `EQUALS`, `EQUALS_ANY_OF`, `TAG_KEY_EQUALS` and `TAG_KEY_EQUALS_ANY_OF`","description_kind":"plain","optional":true},"unknowns":{"type":"string","description":"allows for configuring properties that are not explicitly supported by the current version of this provider","description_kind":"plain","optional":true}},"block_types":{"value":{"nesting_mode":"list","block":{"attributes":{"context":{"type":"string","description":"The origin of the tag, such as AWS or Cloud Foundry. Custom tags use the `CONTEXTLESS` value. Possible values are `AWS`, `AWS_GENERIC`, `AZURE`, `CLOUD_FOUNDRY`, `CONTEXTLESS`, `ENVIRONMENT`, `GOOGLE_CLOUD` and `KUBERNETES`","description_kind":"plain","required":true},"key":{"type":"string","description":"The key of the tag. Custom tags have the tag value here","description_kind":"plain","required":true},"unknowns":{"type":"string","description":"allows for configuring properties that are not explicitly supported by the current version of this provider","description_kind":"plain","optional":true},"value":{"type":"string","description":"The value of the tag. Not applicable to custom tags","description_kind":"plain","optional":true}},"description":"The values to compare to","description_kind":"plain"},"max_items":1},"values":{"nesting_mode":"list","block":{"block_types":{"value":{"nesting_mode":"list","block":{"attributes":{"context":{"type":"string","description":"The origin of the tag, such as AWS or Cloud Foundry. Custom tags use the `CONTEXTLESS` value. Possible values are `AWS`, `AWS_GENERIC`, `AZURE`, `CLOUD_FOUNDRY`, `CONTEXTLESS`, `ENVIRONMENT`, `GOOGLE_CLOUD` and `KUBERNETES`","description_kind":"plain","required":true},"key":{"type":"string","description":"The key of the tag. Custom tags have the tag value here","description_kind":"plain","required":true},"unknowns":{"type":"string","description":"allows for configuring properties that are not explicitly supported by the current version of this provider","description_kind":"plain","optional":true},"value":{"type":"string","description":"The value of the tag. Not applicable to custom tags","description_kind":"plain","optional":true}},"description":"The values to compare to","description_kind":"plain"}}},"description":"The values to compare to","description_kind":"plain"},"max_items":1}},"description":"Comparison for `TAG` attributes","description_kind":"plain"},"max_items":1},"zos_call_type":{"nesting_mode":"list","block":{"attributes":{"operator":{"type":"string","description":"Operator of the comparison. You can reverse it by setting `negate` to `true`. Possible values are `EQUALS`, `EQUALS_ANY_OF` and `EXISTS`","description_kind":"plain","optional":true},"unknowns":{"type":"string","description":"allows for configuring properties that are not explicitly supported by the current version of this provider","description_kind":"plain","optional":true},"value":{"type":"string","description":"The value to compare to. Possible values are `CTG`, `DPL`, `EXPLICIT_ADK`, `IMS_CONNECT`, `IMS_CONNECT_API`, `IMS_ITRA`, `IMS_MSC`, `IMS_PGM_SWITCH`, `IMS_SHARED_QUEUES`, `IMS_TRANS_EXEC`, `MQ`, `SOAP`, `START`, `TX` and `UNKNOWN`","description_kind":"plain","optional":true},"values":{"type":["set","string"],"description":"The values to compare to. Possible values are `CTG`, `DPL`, `EXPLICIT_ADK`, `IMS_CONNECT`, `IMS_CONNECT_API`, `IMS_ITRA`, `IMS_MSC`, `IMS_PGM_SWITCH`, `IMS_SHARED_QUEUES`, `IMS_TRANS_EXEC`, `MQ`, `SOAP`, `START`, `TX` and `UNKNOWN`","description_kind":"plain","optional":true}},"description":"Comparison for `ZOS_CALL_TYPE` attributes","description_kind":"plain"},"max_items":1}},"description":"Type-specific comparison for attributes","description_kind":"plain"},"min_items":1,"max_items":1}},"description":"A conditions for the metric usage","description_kind":"plain"}}},"description":"The set of conditions for the metric usage. **All** the specified conditions must be fulfilled to use the metric","description_kind":"plain"}},"dimension_definition":{"nesting_mode":"list","block":{"attributes":{"dimension":{"type":"string","description":"The dimension value pattern. You can define custom placeholders in the `placeholders` field and use them here","description_kind":"plain","required":true},"name":{"type":"string","description":"The name of the dimension","description_kind":"plain","required":true},"top_x":{"type":"number","description":"The number of top values to be calculated","description_kind":"plain","required":true},"top_x_aggregation":{"type":"string","description":"The aggregation of the dimension. Possible values are `AVERAGE`, `COUNT`, `MAX`, `MIN`, `OF_INTEREST_RATIO`, `OTHER_RATIO`, `SINGLE_VALUE` and `SUM`","description_kind":"plain","required":true},"top_x_direction":{"type":"string","description":"How to calculate the **topX** values. Possible values are `ASCENDING` and `DESCENDING`","description_kind":"plain","required":true},"unknowns":{"type":"string","description":"allows for configuring properties that are not explicitly supported by the current version of this provider","description_kind":"plain","optional":true}},"block_types":{"placeholders":{"nesting_mode":"list","block":{"block_types":{"placeholder":{"nesting_mode":"list","block":{"attributes":{"aggregation":{"type":"string","description":"Which value of the request attribute must be used when it occurs across multiple child requests. Only applicable for the `SERVICE_REQUEST_ATTRIBUTE` attribute, when **useFromChildCalls** is `true`. For the `COUNT` aggregation, the **kind** field is not applicable. Possible values are `COUNT`, `FIRST` and `LAST`.","description_kind":"plain","optional":true},"attribute":{"type":"string","description":"The attribute to extract from. You can only use attributes of the **string** type. Possible values are `ACTOR_SYSTEM`, `AKKA_ACTOR_CLASS_NAME`, `AKKA_ACTOR_MESSAGE_TYPE`, `AKKA_ACTOR_PATH`, `APPLICATION_BUILD_VERSION`, `APPLICATION_RELEASE_VERSION`, `AZURE_FUNCTIONS_FUNCTION_NAME`, `AZURE_FUNCTIONS_SITE_NAME`, `CICS_PROGRAM_NAME`, `CICS_SYSTEM_ID`, `CICS_TASK_ID`, `CICS_TRANSACTION_ID`, `CICS_USER_ID`, `CPU_TIME`, `CTG_GATEWAY_URL`, `CTG_PROGRAM`, `CTG_SERVER_NAME`, `CTG_TRANSACTION_ID`, `CUSTOMSERVICE_CLASS`, `CUSTOMSERVICE_METHOD`, `DATABASE_CHILD_CALL_COUNT`, `DATABASE_CHILD_CALL_TIME`, `DATABASE_HOST`, `DATABASE_NAME`, `DATABASE_TYPE`, `DATABASE_URL`, `DISK_IO_TIME`, `ERROR_COUNT`, `ESB_APPLICATION_NAME`, `ESB_INPUT_TYPE`, `ESB_LIBRARY_NAME`, `ESB_MESSAGE_FLOW_NAME`, `EXCEPTION_CLASS`, `EXCEPTION_MESSAGE`, `FAILED_STATE`, `FAILURE_REASON`, `FLAW_STATE`, `HTTP_REQUEST_METHOD`, `HTTP_STATUS`, `HTTP_STATUS_CLASS`, `IMS_PROGRAM_NAME`, `IMS_TRANSACTION_ID`, `IMS_USER_ID`, `IO_TIME`, `IS_KEY_REQUEST`, `LAMBDA_COLDSTART`, `LOCK_TIME`, `MESSAGING_DESTINATION_TYPE`, `MESSAGING_IS_TEMPORARY_QUEUE`, `MESSAGING_QUEUE_NAME`, `MESSAGING_QUEUE_VENDOR`, `NETWORK_IO_TIME`, `NON_DATABASE_CHILD_CALL_COUNT`, `NON_DATABASE_CHILD_CALL_TIME`, `PROCESS_GROUP_NAME`, `PROCESS_GROUP_TAG`, `REMOTE_ENDPOINT`, `REMOTE_METHOD`, `REMOTE_SERVICE_NAME`, `REQUEST_NAME`, `REQUEST_TYPE`, `RESPONSE_TIME`, `RESPONSE_TIME_CLIENT`, `RMI_CLASS`, `RMI_METHOD`, `SERVICE_DISPLAY_NAME`, `SERVICE_NAME`, `SERVICE_PORT`, `SERVICE_PUBLIC_DOMAIN_NAME`, `SERVICE_REQUEST_ATTRIBUTE`, `SERVICE_TAG`, `SERVICE_TYPE`, `SERVICE_WEB_APPLICATION_ID`, `SERVICE_WEB_CONTEXT_ROOT`, `SERVICE_WEB_SERVER_NAME`, `SERVICE_WEB_SERVICE_NAME`, `SERVICE_WEB_SERVICE_NAMESPACE`, `SUSPENSION_TIME`, `TOTAL_PROCESSING_TIME`, `WAIT_TIME`, `WEBREQUEST_QUERY`, `WEBREQUEST_RELATIVE_URL`, `WEBREQUEST_URL`, `WEBREQUEST_URL_HOST`, `WEBREQUEST_URL_PATH`, `WEBREQUEST_URL_PORT`, `WEBSERVICE_ENDPOINT`, `WEBSERVICE_METHOD` and `ZOS_CALL_TYPE`","description_kind":"plain","required":true},"delimiter_or_regex":{"type":"string","description":"Depending on the `kind` value:\n\n\n* `REGEX_EXTRACTION`: The regular expression.\n\n\n* `BETWEEN_DELIMITER`: The opening delimiter string to look for.\n\n\n* All other values: The delimiter string to look for","description_kind":"plain","optional":true},"end_delimiter":{"type":"string","description":"The closing delimiter string to look for. Required if the `kind` value is `BETWEEN_DELIMITER`. Not applicable otherwise","description_kind":"plain","optional":true},"kind":{"type":"string","description":"The type of extraction. Defines either usage of regular expression (`regex`) or the position of request attribute value to be extracted. When the `attribute` is `SERVICE_REQUEST_ATTRIBUTE` attribute and `aggregation` is `COUNT`, needs to be set to `ORIGINAL_TEXT`. Possible values are \t`AFTER_DELIMITER`, `BEFORE_DELIMITER`, `BETWEEN_DELIMITER`, `ORIGINAL_TEXT` and `REGEX_EXTRACTION`","description_kind":"plain","required":true},"name":{"type":"string","description":"The name of the placeholder. Use it in the naming pattern as `{name}`","description_kind":"plain","required":true},"normalization":{"type":"string","description":"The format of the extracted string. Possible values are `ORIGINAL`, `TO_LOWER_CASE` and `TO_UPPER_CASE`","description_kind":"plain","optional":true},"request_attribute":{"type":"string","description":"The request attribute to extract from. Required if the `kind` value is `SERVICE_REQUEST_ATTRIBUTE`. Not applicable otherwise","description_kind":"plain","optional":true},"unknowns":{"type":"string","description":"allows for configuring properties that are not explicitly supported by the current version of this provider","description_kind":"plain","optional":true},"use_from_child_calls":{"type":"bool","description":"If `true` request attribute will be taken from a child service call. Only applicable for the `SERVICE_REQUEST_ATTRIBUTE` attribute. Defaults to `false`","description_kind":"plain","optional":true}},"block_types":{"source":{"nesting_mode":"list","block":{"attributes":{"management_zone":{"type":"string","description":"Use only request attributes from services that belong to this management zone.. Use either this or `serviceTag`","description_kind":"plain","optional":true},"unknowns":{"type":"string","description":"allows for configuring properties that are not explicitly supported by the current version of this provider","description_kind":"plain","optional":true}},"block_types":{"service_tag":{"nesting_mode":"list","block":{"attributes":{"context":{"type":"string","description":"The origin of the tag, such as AWS or Cloud Foundry. For custom tags use the `CONTEXTLESS` value. The context is set for tags that are automatically imported by OneAgent (for example, from the AWS console or environment variables). It’s useful for determining the origin of tags when not manually defined, and it also helps to prevent clashes with other existing tags. If the tag is not automatically imported, `CONTEXTLESS` set. Possible values are `AWS`, `AWS_GENERIC`, `AZURE`, `CLOUD_FOUNDRY`, `CONTEXTLESS`, `ENVIRONMENT`, `GOOGLE_COMPUTE_ENGINE` and `KUBERNETES`","description_kind":"plain","optional":true},"key":{"type":"string","description":"The key of the tag. For custom tags, put the tag value here. The key allows categorization of multiple tags. It is possible that there are multiple values for a single key which will all be represented as standalone tags. Therefore, the key does not have the semantic of a map key but is more like a key of a key-value tuple. In some cases, for example custom tags, the key represents the actual tag value and the value field is not set – those are called valueless tags","description_kind":"plain","required":true},"value":{"type":"string","description":"The value of the tag. Not applicable to custom tags. If a tag does have a separate key and value (in the textual representation they are split by the colon ‘:’), this field is set with the actual value. Key-value pairs can occur for automatically imported tags and tags set by rules if extractors are used","description_kind":"plain","optional":true}},"block_types":{"tag_key":{"nesting_mode":"list","block":{"attributes":{"context":{"type":"string","description":"has no documentation","description_kind":"plain","optional":true},"key":{"type":"string","description":"has no documentation","description_kind":"plain","optional":true}},"description":"has no documentation","description_kind":"plain"},"max_items":1}},"description":"Use only request attributes from services that have this tag. Use either this or `managementZone`","description_kind":"plain"},"max_items":1}},"description":"Defines valid sources of request attributes for conditions or placeholders","description_kind":"plain"},"max_items":1}},"description":"A custom placeholder to be used in a dimension value pattern","description_kind":"plain"}}},"description":"The list of custom placeholders to be used in a dimension value pattern","description_kind":"plain"},"max_items":1}},"description":"Parameters of a definition of a calculated service metric","description_kind":"plain"},"max_items":1},"metric_definition":{"nesting_mode":"list","block":{"attributes":{"metric":{"type":"string","description":"The metric to be captured. Possible values are `CPU_TIME`, `DATABASE_CHILD_CALL_COUNT`, `DATABASE_CHILD_CALL_TIME`, `DISK_IO_TIME`, `EXCEPTION_COUNT`, `FAILED_REQUEST_COUNT`, `FAILED_REQUEST_COUNT_CLIENT`, `FAILURE_RATE`, `FAILURE_RATE_CLIENT`, `HTTP_4XX_ERROR_COUNT`, `HTTP_4XX_ERROR_COUNT_CLIENT`, `HTTP_5XX_ERROR_COUNT`, `HTTP_5XX_ERROR_COUNT_CLIENT`, `IO_TIME`, `LOCK_TIME`, `NETWORK_IO_TIME`, `NON_DATABASE_CHILD_CALL_COUNT`, `NON_DATABASE_CHILD_CALL_TIME`, `PROCESSING_TIME`, `REQUEST_ATTRIBUTE`, `REQUEST_COUNT`, `RESPONSE_TIME`, `RESPONSE_TIME_CLIENT`, `SUCCESSFUL_REQUEST_COUNT`, `SUCCESSFUL_REQUEST_COUNT_CLIENT` and `WAIT_TIME`","description_kind":"plain","required":true},"request_attribute":{"type":"string","description":"The request attribute to be captured. Only applicable when the **metric** parameter is set to `REQUEST_ATTRIBUTE`","description_kind":"plain","optional":true}},"description":"The definition of a calculated service metric","description_kind":"plain"},"max_items":1}},"description_kind":"plain"}},"dynatrace_custom_anomalies":{"version":0,"block":{"attributes":{"aggregation_type":{"type":"string","description":"How the metric data points are aggregated for the evaluation. The timeseries must support this aggregation","description_kind":"plain","optional":true},"description":{"type":"string","description":"The description of the metric event","description_kind":"plain","required":true},"disabled_reason":{"type":"string","description":"The reason of automatic disabling.  The `NONE` means config was not disabled automatically. Possible values are `METRIC_DEFINITION_INCONSISTENCY`, `NONE`, `TOO_MANY_DIMS` and `TOPX_FORCIBLY_DEACTIVATED`","description_kind":"plain","optional":true},"enabled":{"type":"bool","description":"The metric event is enabled (`true`) or disabled (`false`)","description_kind":"plain","required":true},"id":{"type":"string","description_kind":"plain","optional":true,"computed":true},"metric_id":{"type":"string","description":"The ID of the metric evaluated by the metric event","description_kind":"plain","optional":true},"metric_selector":{"type":"string","description":"The metric selector that should be executed","description_kind":"plain","optional":true},"name":{"type":"string","description":"The name of the metric event displayed in the UI","description_kind":"plain","required":true},"primary_dimension_key":{"type":"string","description":"Defines which dimension key should be used for the **alertingScope**","description_kind":"plain","optional":true},"severity":{"type":"string","description":"The type of the event to trigger on the threshold violation.  The `CUSTOM_ALERT` type is not correlated with other alerts. The `INFO` type does not open a problem","description_kind":"plain","optional":true},"unknowns":{"type":"string","description":"allows for configuring properties that are not explicitly supported by the current version of this provider","description_kind":"plain","optional":true},"warning_reason":{"type":"string","description":"The reason of a warning set on the config. The `NONE` means config has no warnings. The other supported value is `TOO_MANY_DIMS`","description_kind":"plain","optional":true}},"block_types":{"dimensions":{"nesting_mode":"list","block":{"block_types":{"dimension":{"nesting_mode":"list","block":{"attributes":{"key":{"type":"string","description":"The dimensions key on the metric","description_kind":"plain","optional":true},"type":{"type":"string","description":"Defines the actual set of fields depending on the value","description_kind":"plain","required":true},"unknowns":{"type":"string","description":"allows for configuring properties that are not explicitly supported by the current version of this provider","description_kind":"plain","optional":true}},"description":"A generic definition for a filter","description_kind":"plain"}},"entity":{"nesting_mode":"list","block":{"attributes":{"key":{"type":"string","description":"The dimensions key on the metric","description_kind":"plain","optional":true},"unknowns":{"type":"string","description":"allows for configuring properties that are not explicitly supported by the current version of this provider","description_kind":"plain","optional":true}},"block_types":{"filter":{"nesting_mode":"list","block":{"attributes":{"operator":{"type":"string","description":"The operator to match on","description_kind":"plain","required":true},"value":{"type":"string","description":"The value to match on","description_kind":"plain","required":true}},"description":"A filter for a string value based on the given operator","description_kind":"plain"},"min_items":1,"max_items":1}},"description":"A filter for the metrics entity dimensions","description_kind":"plain"}},"string":{"nesting_mode":"list","block":{"attributes":{"key":{"type":"string","description":"The dimensions key on the metric","description_kind":"plain","optional":true},"unknowns":{"type":"string","description":"allows for configuring properties that are not explicitly supported by the current version of this provider","description_kind":"plain","optional":true}},"block_types":{"filter":{"nesting_mode":"list","block":{"attributes":{"operator":{"type":"string","description":"The operator to match on","description_kind":"plain","required":true},"value":{"type":"string","description":"The value to match on","description_kind":"plain","required":true}},"description":"A filter for a string value based on the given operator","description_kind":"plain"},"min_items":1,"max_items":1}},"description":"A filter for the metrics string dimensions","description_kind":"plain"}}},"description":"Defines the dimensions of the metric to alert on. The filters are combined by conjunction","description_kind":"plain"}},"scopes":{"nesting_mode":"list","block":{"block_types":{"custom_device_group_name":{"nesting_mode":"list","block":{"attributes":{"unknowns":{"type":"string","description":"allows for configuring properties that are not explicitly supported by the current version of this provider","description_kind":"plain","optional":true}},"block_types":{"filter":{"nesting_mode":"list","block":{"attributes":{"operator":{"type":"string","description":"The operator to match on","description_kind":"plain","required":true},"value":{"type":"string","description":"The value to match on","description_kind":"plain","required":true}},"description":"A filter for a string value based on the given operator","description_kind":"plain"},"min_items":1,"max_items":1}},"description":"A scope filter for the related custom device group name","description_kind":"plain"}},"entity":{"nesting_mode":"list","block":{"attributes":{"id":{"type":"string","description":"The monitored entities id to match on","description_kind":"plain","required":true},"unknowns":{"type":"string","description":"allows for configuring properties that are not explicitly supported by the current version of this provider","description_kind":"plain","optional":true}},"description":"A scope filter for a monitored entity identifier","description_kind":"plain"}},"host_group_name":{"nesting_mode":"list","block":{"attributes":{"unknowns":{"type":"string","description":"allows for configuring properties that are not explicitly supported by the current version of this provider","description_kind":"plain","optional":true}},"block_types":{"filter":{"nesting_mode":"list","block":{"attributes":{"operator":{"type":"string","description":"The operator to match on","description_kind":"plain","required":true},"value":{"type":"string","description":"The value to match on","description_kind":"plain","required":true}},"description":"A filter for a string value based on the given operator","description_kind":"plain"},"min_items":1,"max_items":1}},"description":"A scope filter for the related host group name","description_kind":"plain"}},"host_name":{"nesting_mode":"list","block":{"attributes":{"unknowns":{"type":"string","description":"allows for configuring properties that are not explicitly supported by the current version of this provider","description_kind":"plain","optional":true}},"block_types":{"filter":{"nesting_mode":"list","block":{"attributes":{"operator":{"type":"string","description":"The operator to match on","description_kind":"plain","required":true},"value":{"type":"string","description":"The value to match on","description_kind":"plain","required":true}},"description":"A filter for a string value based on the given operator","description_kind":"plain"},"min_items":1,"max_items":1}},"description":"A scope filter for the related host name","description_kind":"plain"}},"management_zone":{"nesting_mode":"list","block":{"attributes":{"id":{"type":"string","description":"The management zone id to match on","description_kind":"plain","optional":true},"unknowns":{"type":"string","description":"allows for configuring properties that are not explicitly supported by the current version of this provider","description_kind":"plain","optional":true}},"description":"A scope filter for a management zone identifier","description_kind":"plain"}},"name":{"nesting_mode":"list","block":{"attributes":{"unknowns":{"type":"string","description":"allows for configuring properties that are not explicitly supported by the current version of this provider","description_kind":"plain","optional":true}},"block_types":{"filter":{"nesting_mode":"list","block":{"attributes":{"operator":{"type":"string","description":"The operator to match on","description_kind":"plain","required":true},"value":{"type":"string","description":"The value to match on","description_kind":"plain","required":true}},"description":"A filter for a string value based on the given operator","description_kind":"plain"},"min_items":1,"max_items":1}},"description":"A scope filter for a monitored entity name","description_kind":"plain"}},"process_group_id":{"nesting_mode":"list","block":{"attributes":{"id":{"type":"string","description":"The process groups id to match on","description_kind":"plain","required":true},"unknowns":{"type":"string","description":"allows for configuring properties that are not explicitly supported by the current version of this provider","description_kind":"plain","optional":true}},"description":"A scope filter for a process group identifier","description_kind":"plain"}},"process_group_name":{"nesting_mode":"list","block":{"attributes":{"unknowns":{"type":"string","description":"allows for configuring properties that are not explicitly supported by the current version of this provider","description_kind":"plain","optional":true}},"block_types":{"filter":{"nesting_mode":"list","block":{"attributes":{"operator":{"type":"string","description":"The operator to match on","description_kind":"plain","required":true},"value":{"type":"string","description":"The value to match on","description_kind":"plain","required":true}},"description":"A filter for a string value based on the given operator","description_kind":"plain"},"min_items":1,"max_items":1}},"description":"A scope filter for the related process group name","description_kind":"plain"}},"scope":{"nesting_mode":"list","block":{"attributes":{"type":{"type":"string","description":"Defines the actual set of fields depending on the value","description_kind":"plain","required":true},"unknowns":{"type":"string","description":"allows for configuring properties that are not explicitly supported by the current version of this provider","description_kind":"plain","optional":true}},"description":"A generic scope filter","description_kind":"plain"}},"tag":{"nesting_mode":"list","block":{"attributes":{"unknowns":{"type":"string","description":"allows for configuring properties that are not explicitly supported by the current version of this provider","description_kind":"plain","optional":true}},"block_types":{"filter":{"nesting_mode":"list","block":{"attributes":{"context":{"type":"string","description":"The origin of the tag, such as AWS or Cloud Foundry. Custom tags use the `CONTEXTLESS` value","description_kind":"plain","required":true},"key":{"type":"string","description":"The key of the tag. Custom tags have the tag value here","description_kind":"plain","required":true},"value":{"type":"string","description":"The value of the tag. Not applicable to custom tags","description_kind":"plain","optional":true}},"description":"A filter for a string value based on the given operator","description_kind":"plain"},"min_items":1,"max_items":1}},"description":"A scope filter for tags on entities","description_kind":"plain"}}},"description":"Defines the scope of the metric event. Only one filter is allowed per filter type, except for tags, where up to 3 are allowed. The filters are combined by conjunction","description_kind":"plain"}},"strategy":{"nesting_mode":"list","block":{"block_types":{"auto":{"nesting_mode":"list","block":{"attributes":{"alert_condition":{"type":"string","description":"The condition for the **threshold** value check: `ABOVE` or `BELOW`","description_kind":"plain","required":true},"alerting_on_missing_data":{"type":"bool","description":"If true, also one-minute samples without data are counted as violating samples","description_kind":"plain","optional":true},"dealerting_samples":{"type":"number","description":"The number of one-minute samples within the evaluation window that must go back to normal to close the event","description_kind":"plain","required":true},"samples":{"type":"number","description":"The number of one-minute samples that form the sliding evaluation window","description_kind":"plain","required":true},"signal_fluctuations":{"type":"number","description":"Defines the factor of how many signal fluctuations are valid. Values above the baseline plus the signal fluctuation times the number of tolerated signal fluctuations are alerted","description_kind":"plain","required":true},"unknowns":{"type":"string","description":"allows for configuring properties that are not explicitly supported by the current version of this provider","description_kind":"plain","optional":true},"violating_samples":{"type":"number","description":"The number of one-minute samples within the evaluation window that must violate the threshold to trigger an event","description_kind":"plain","required":true}},"description":"An auto-adaptive baseline strategy to detect anomalies within metrics that show a regular change over time, as the baseline is also updated automatically. An example is to detect an anomaly in the number of received network packets or within the number of user actions over time","description_kind":"plain"},"max_items":1},"generic":{"nesting_mode":"list","block":{"attributes":{"type":{"type":"string","description":"Defines the actual set of fields depending on the value","description_kind":"plain","required":true},"unknowns":{"type":"string","description":"allows for configuring properties that are not explicitly supported by the current version of this provider","description_kind":"plain","optional":true}},"description":"A generic monitoring strategy","description_kind":"plain"}},"static":{"nesting_mode":"list","block":{"attributes":{"alert_condition":{"type":"string","description":"The condition for the **threshold** value check: `ABOVE` or `BELOW`","description_kind":"plain","required":true},"alerting_on_missing_data":{"type":"bool","description":"If true, also one-minute samples without data are counted as violating samples","description_kind":"plain","optional":true},"dealerting_samples":{"type":"number","description":"The number of one-minute samples within the evaluation window that must go back to normal to close the event","description_kind":"plain","required":true},"samples":{"type":"number","description":"The number of one-minute samples that form the sliding evaluation window","description_kind":"plain","required":true},"threshold":{"type":"number","description":"The value of the static threshold based on the specified unit","description_kind":"plain","required":true},"unit":{"type":"string","description":"The unit of the threshold, matching the metric definition","description_kind":"plain","required":true},"unknowns":{"type":"string","description":"allows for configuring properties that are not explicitly supported by the current version of this provider","description_kind":"plain","optional":true},"violating_samples":{"type":"number","description":"The number of one-minute samples within the evaluation window that must violate the threshold to trigger an event","description_kind":"plain","required":true}},"description":"A static threshold monitoring strategy to alert on hard limits within a given metric. An example is the violation of a critical memory limit","description_kind":"plain"},"max_items":1}},"description":"A monitoring strategy for a metric event config. This is the base version of the monitoring strategy, depending on the type,  the actual JSON may contain additional fields","description_kind":"plain"},"min_items":1,"max_items":1}},"description_kind":"plain"}},"dynatrace_custom_service":{"version":0,"block":{"attributes":{"enabled":{"type":"bool","description":"Custom service enabled/disabled","description_kind":"plain","required":true},"id":{"type":"string","description_kind":"plain","optional":true,"computed":true},"name":{"type":"string","description":"The name of the custom service, displayed in the UI","description_kind":"plain","required":true},"process_groups":{"type":["set","string"],"description":"The list of process groups the custom service should belong to","description_kind":"plain","optional":true},"queue_entry_point":{"type":"bool","description":"The queue entry point flag. Set to `true` for custom messaging services","description_kind":"plain","optional":true},"queue_entry_point_type":{"type":"string","description":"The queue entry point type (IBM_MQ, JMS, KAFKA, MSMQ or RABBIT_MQ)","description_kind":"plain","optional":true},"technology":{"type":"string","description":"Matcher applying to the file name (ENDS_WITH, EQUALS or STARTS_WITH). Default value is ENDS_WITH (if applicable)","description_kind":"plain","required":true},"unknowns":{"type":"string","description":"allows for configuring properties that are not explicitly supported by the current version of this provider","description_kind":"plain","optional":true}},"block_types":{"rule":{"nesting_mode":"list","block":{"attributes":{"annotations":{"type":["set","string"],"description":"Additional annotations filter of the rule. Only classes where all listed annotations are available in the class itself or any of its superclasses are instrumented. Not applicable to PHP","description_kind":"plain","optional":true},"enabled":{"type":"bool","description":"Rule enabled/disabled","description_kind":"plain","required":true},"id":{"type":"string","description":"The ID of the detection rule","description_kind":"plain","computed":true},"unknowns":{"type":"string","description":"allows for configuring properties that are not explicitly supported by the current version of this provider","description_kind":"plain","optional":true}},"block_types":{"class":{"nesting_mode":"list","block":{"attributes":{"match":{"type":"string","description":"Matcher applying to the class name (ENDS_WITH, EQUALS or STARTS_WITH). STARTS_WITH can only be used if there is at least one annotation defined. Default value is EQUALS","description_kind":"plain","optional":true},"name":{"type":"string","description":"The full name of the class / the name to match the class name with","description_kind":"plain","required":true}},"description":"The fully qualified class or interface to instrument (or a substring if matching to a string). Required for Java and .NET custom services. Not applicable to PHP","description_kind":"plain"},"max_items":1},"file":{"nesting_mode":"list","block":{"attributes":{"match":{"type":"string","description":"Matcher applying to the file name (ENDS_WITH, EQUALS or STARTS_WITH). Default value is ENDS_WITH (if applicable)","description_kind":"plain","optional":true},"name":{"type":"string","description":"The full name of the file / the name to match the file name with","description_kind":"plain","required":true}},"description":"The PHP file containing the class or methods to instrument. Required for PHP custom service. Not applicable to Java and .NET","description_kind":"plain"},"max_items":1},"method":{"nesting_mode":"list","block":{"attributes":{"arguments":{"type":["list","string"],"description":"Fully qualified types of argument the method expects","description_kind":"plain","optional":true},"id":{"type":"string","description":"The ID of the method rule","description_kind":"plain","computed":true},"name":{"type":"string","description":"The method to instrument","description_kind":"plain","required":true},"returns":{"type":"string","description":"Fully qualified type the method returns","description_kind":"plain","optional":true},"unknowns":{"type":"string","description":"allows for configuring properties that are not explicitly supported by the current version of this provider","description_kind":"plain","optional":true}},"description":"methods to instrument","description_kind":"plain"},"min_items":1}},"description":"The list of rules defining the custom service","description_kind":"plain"}}},"description_kind":"plain"}},"dynatrace_dashboard":{"version":0,"block":{"attributes":{"id":{"type":"string","description_kind":"plain","optional":true,"computed":true},"unknowns":{"type":"string","description":"allows for configuring properties that are not explicitly supported by the current version of this provider","description_kind":"plain","optional":true}},"block_types":{"dashboard_metadata":{"nesting_mode":"list","block":{"attributes":{"name":{"type":"string","description":"the name of the dashboard","description_kind":"plain","required":true},"owner":{"type":"string","description":"the owner of the dashboard","description_kind":"plain","optional":true},"shared":{"type":"bool","description":"the dashboard is shared (`true`) or private (`false`)","description_kind":"plain","optional":true},"tags":{"type":["set","string"],"description":"a set of tags assigned to the dashboard","description_kind":"plain","optional":true},"unknowns":{"type":"string","description":"allows for configuring properties that are not explicitly supported by the current version of this provider","description_kind":"plain","optional":true},"valid_filter_keys":{"type":["set","string"],"description":"a set of all possible global dashboard filters that can be applied to dashboard","description_kind":"plain","optional":true}},"block_types":{"dynamic_filters":{"nesting_mode":"list","block":{"attributes":{"filters":{"type":["set","string"],"description":"A set of all possible global dashboard filters that can be applied to a dashboard \n\nCurrently supported values are: \n\n\tOS_TYPE,\n\tSERVICE_TYPE,\n\tDEPLOYMENT_TYPE,\n\tAPPLICATION_INJECTION_TYPE,\n\tPAAS_VENDOR_TYPE,\n\tDATABASE_VENDOR,\n\tHOST_VIRTUALIZATION_TYPE,\n\tHOST_MONITORING_MODE,\n\tKUBERNETES_CLUSTER,\n\tRELATED_CLOUD_APPLICATION,\n\tRELATED_NAMESPACE,\n\tTAG_KEY:\u003ctagname\u003e","description_kind":"plain","required":true},"tag_suggestion_types":{"type":["set","string"],"description":"A set of entities applied for tag filter suggestions. You can fetch the list of possible values with the [GET all entity types](https://dt-url.net/dw03s7h)request. \n\nOnly applicable if the **filters** set includes `TAG_KEY:\u003ctagname\u003e`","description_kind":"plain","optional":true},"unknowns":{"type":"string","description":"allows for configuring properties that are not explicitly supported by the current version of this provider","description_kind":"plain","optional":true}},"description":"Dashboard filter configuration of a dashboard","description_kind":"plain"},"max_items":1},"filter":{"nesting_mode":"list","block":{"attributes":{"timeframe":{"type":"string","description":"the default timeframe of the dashboard","description_kind":"plain","optional":true},"unknowns":{"type":"string","description":"allows for configuring properties that are not explicitly supported by the current version of this provider","description_kind":"plain","optional":true}},"block_types":{"management_zone":{"nesting_mode":"list","block":{"attributes":{"description":{"type":"string","description":"a short description of the Dynatrace entity","description_kind":"plain","optional":true},"id":{"type":"string","description":"the ID of the Dynatrace entity","description_kind":"plain","required":true},"name":{"type":"string","description":"the name of the Dynatrace entity","description_kind":"plain","optional":true},"unknowns":{"type":"string","description":"allows for configuring properties that are not explicitly supported by the current version of this provider","description_kind":"plain","optional":true}},"description":"the management zone this dashboard applies to","description_kind":"plain"}}},"description":"Global filter Settings for the Dashboard","description_kind":"plain"},"max_items":1},"sharing_details":{"nesting_mode":"list","block":{"attributes":{"link_shared":{"type":"bool","description":"If `true`, the dashboard is shared via link and authenticated users with the link can view","description_kind":"plain","optional":true},"published":{"type":"bool","description":"If `true`, the dashboard is published to anyone on this environment","description_kind":"plain","optional":true},"unknowns":{"type":"string","description":"allows for configuring properties that are not explicitly supported by the current version of this provider","description_kind":"plain","optional":true}},"description":"represents sharing configuration of a dashboard","description_kind":"plain"},"max_items":1}},"description":"contains parameters of a dashboard","description_kind":"plain"},"max_items":1},"metadata":{"nesting_mode":"list","block":{"attributes":{"cluster_version":{"type":"string","description":"Dynatrace server version","description_kind":"plain","optional":true},"configuration_versions":{"type":["list","number"],"description":"A Sorted list of the version numbers of the configuration","description_kind":"plain","optional":true},"current_configuration_versions":{"type":["list","string"],"description":"A Sorted list of the version numbers of the configuration","description_kind":"plain","optional":true}},"description":"`metadata` exists for backwards compatibility but shouldn't get specified anymore","description_kind":"plain","deprecated":true},"max_items":1},"tile":{"nesting_mode":"list","block":{"attributes":{"assigned_entities":{"type":["set","string"],"description":"The list of Dynatrace entities, assigned to the tile","description_kind":"plain","optional":true},"chart_visible":{"type":"bool","description_kind":"plain","optional":true},"configured":{"type":"bool","description":"The tile is configured and ready to use (`true`) or just placed on the dashboard (`false`)","description_kind":"plain","optional":true},"custom_name":{"type":"string","description":"The name of the tile, set by user","description_kind":"plain","optional":true},"exclude_maintenance_windows":{"type":"bool","description":"Include (`false') or exclude (`true`) maintenance windows from availability calculations","description_kind":"plain","optional":true},"limit":{"type":"number","description":"The limit of the results, if not set will use the default value of the system","description_kind":"plain","optional":true},"markdown":{"type":"string","description":"The markdown-formatted content of the tile","description_kind":"plain","optional":true},"metric":{"type":"string","description":"The metric assigned to the tile","description_kind":"plain","optional":true},"name":{"type":"string","description":"the name of the tile","description_kind":"plain","required":true},"query":{"type":"string","description":"A [user session query](https://www.dynatrace.com/support/help/shortlink/usql-info) executed by the tile","description_kind":"plain","optional":true},"tile_type":{"type":"string","description":"the type of the tile. Must be either `APPLICATION_WORLDMAP`, `RESOURCES`, `THIRD_PARTY_MOST_ACTIVE`, `UEM_CONVERSIONS_PER_GOAL`, `PROCESS_GROUPS_ONE` or `HOST` .","description_kind":"plain","required":true},"time_frame_shift":{"type":"string","description":"The comparison timeframe of the query. If specified, you additionally get the results of the same query with the specified time shift","description_kind":"plain","optional":true},"type":{"type":"string","description":"The attribute `type` exists for backwards compatibilty. Usage is discouraged. You should use `visualization` instead.","description_kind":"plain","optional":true},"unknowns":{"type":"string","description":"allows for configuring properties that are not explicitly supported by the current version of this provider","description_kind":"plain","optional":true},"visualization":{"type":"string","description":"The visualization of the tile. Possible values are: `COLUMN_CHART`, `FUNNEL`, `LINE_CHART`, `PIE_CHART`, `SINGLE_VALUE`, `TABLE`","description_kind":"plain","optional":true}},"block_types":{"bounds":{"nesting_mode":"list","block":{"attributes":{"height":{"type":"number","description":"the height of the tile, in pixels","description_kind":"plain","required":true},"left":{"type":"number","description":"the horizontal distance from the top left corner of the dashboard to the top left corner of the tile, in pixels","description_kind":"plain","required":true},"top":{"type":"number","description":"the vertical distance from the top left corner of the dashboard to the top left corner of the tile, in pixels","description_kind":"plain","required":true},"unknowns":{"type":"string","description":"allows for configuring properties that are not explicitly supported by the current version of this provider","description_kind":"plain","optional":true},"width":{"type":"number","description":"the width of the tile, in pixels","description_kind":"plain","required":true}},"description":"the position and size of a tile","description_kind":"plain"},"max_items":1},"filter":{"nesting_mode":"list","block":{"attributes":{"timeframe":{"type":"string","description":"the default timeframe of the tile","description_kind":"plain","optional":true},"unknowns":{"type":"string","description":"allows for configuring properties that are not explicitly supported by the current version of this provider","description_kind":"plain","optional":true}},"block_types":{"management_zone":{"nesting_mode":"list","block":{"attributes":{"description":{"type":"string","description":"a short description of the Dynatrace entity","description_kind":"plain","optional":true},"id":{"type":"string","description":"the ID of the Dynatrace entity","description_kind":"plain","required":true},"name":{"type":"string","description":"the name of the Dynatrace entity","description_kind":"plain","optional":true},"unknowns":{"type":"string","description":"allows for configuring properties that are not explicitly supported by the current version of this provider","description_kind":"plain","optional":true}},"description":"the management zone this tile applies to","description_kind":"plain"}}},"description":"is filter applied to a tile. It overrides dashboard's filter","description_kind":"plain"},"max_items":1},"filter_config":{"nesting_mode":"list","block":{"attributes":{"custom_name":{"type":"string","description":"The name of the tile, set by user","description_kind":"plain","required":true},"default_name":{"type":"string","description":"The default name of the tile","description_kind":"plain","required":true},"type":{"type":"string","description":"The type of the filter. Possible values are `ALB`, `APPLICATION`, `APPLICATION_METHOD`, `APPMON`, `ASG`, `AWS_CREDENTIALS`, `AWS_CUSTOM_SERVICE`, `AWS_LAMBDA_FUNCTION`, `CLOUD_APPLICATION`, `CLOUD_APPLICATION_INSTANCE`, `CLOUD_APPLICATION_NAMESPACE`, `CONTAINER_GROUP_INSTANCE`, `CUSTOM_APPLICATION`, `CUSTOM_DEVICES`, `CUSTOM_SERVICES`, `DATABASE`, `DATABASE_KEY_REQUEST`, `DCRUM_APPLICATION`, `DCRUM_ENTITY`, `DYNAMO_DB`, `EBS`, `EC2`, `ELB`, `ENVIRONMENT`, `ESXI`, `EXTERNAL_SYNTHETIC_TEST`, `GLOBAL_BACKGROUND_ACTIVITY`, `HOST`, `IOT`, `KUBERNETES_CLUSTER`, `KUBERNETES_NODE`, `MDA_SERVICE`, `MIXED`, `MOBILE_APPLICATION`, `MONITORED_ENTITY`, `NLB`, `PG_BACKGROUND_ACTIVITY`, `PROBLEM`, `PROCESS_GROUP_INSTANCE`, `RDS`, `REMOTE_PLUGIN`, `SERVICE`, `SERVICE_KEY_REQUEST`, `SYNTHETIC_BROWSER_MONITOR`, `SYNTHETIC_HTTPCHECK`, `SYNTHETIC_HTTPCHECK_STEP`, `SYNTHETIC_LOCATION`, `SYNTHETIC_TEST`, `SYNTHETIC_TEST_STEP`, `UI_ENTITY`, `VIRTUAL_MACHINE`, `WEB_CHECK`.","description_kind":"plain","required":true},"unknowns":{"type":"string","description":"allows for configuring properties that are not explicitly supported by the current version of this provider","description_kind":"plain","optional":true}},"block_types":{"chart_config":{"nesting_mode":"list","block":{"attributes":{"axis_limits":{"type":["map","number"],"description":"The optional custom y-axis limits","description_kind":"plain","optional":true},"left_axis_custom_unit":{"type":"string","description":"Either one of `Bit`, `BitPerHour`, `BitPerMinute`, `BitPerSecond`, `Byte`, `BytePerHour`, `BytePerMinute`, `BytePerSecond`, `Cores`, `Count`, `Day`, `DecibelMilliWatt`, `GibiByte`, `Giga`, `GigaByte`, `Hour`, `KibiByte`, `KibiBytePerHour`, `KibiBytePerMinute`, `KibiBytePerSecond`, `Kilo`, `KiloByte`, `KiloBytePerHour`, `KiloBytePerMinute`, `KiloBytePerSecond`, `MebiByte`, `MebiBytePerHour`, `MebiBytePerMinute`, `MebiBytePerSecond`, `Mega`, `MegaByte`, `MegaBytePerHour`, `MegaBytePerMinute`, `MegaBytePerSecond`, `MicroSecond`, `MilliCores`, `MilliSecond`, `MilliSecondPerMinute`, `Minute`, `Month`, `NanoSecond`, `NanoSecondPerMinute`, `NotApplicable`, `PerHour`, `PerMinute`, `PerSecond`, `Percent`, `Pixel`, `Promille`, `Ratio`, `Second`, `State`, `Unspecified`, `Week`, `Year`","description_kind":"plain","optional":true},"legend":{"type":"bool","description":"Defines if a legend should be shown","description_kind":"plain","optional":true},"right_axis_custom_unit":{"type":"string","description":"Either one of `Bit`, `BitPerHour`, `BitPerMinute`, `BitPerSecond`, `Byte`, `BytePerHour`, `BytePerMinute`, `BytePerSecond`, `Cores`, `Count`, `Day`, `DecibelMilliWatt`, `GibiByte`, `Giga`, `GigaByte`, `Hour`, `KibiByte`, `KibiBytePerHour`, `KibiBytePerMinute`, `KibiBytePerSecond`, `Kilo`, `KiloByte`, `KiloBytePerHour`, `KiloBytePerMinute`, `KiloBytePerSecond`, `MebiByte`, `MebiBytePerHour`, `MebiBytePerMinute`, `MebiBytePerSecond`, `Mega`, `MegaByte`, `MegaBytePerHour`, `MegaBytePerMinute`, `MegaBytePerSecond`, `MicroSecond`, `MilliCores`, `MilliSecond`, `MilliSecondPerMinute`, `Minute`, `Month`, `NanoSecond`, `NanoSecondPerMinute`, `NotApplicable`, `PerHour`, `PerMinute`, `PerSecond`, `Percent`, `Pixel`, `Promille`, `Ratio`, `Second`, `State`, `Unspecified`, `Week`, `Year`","description_kind":"plain","optional":true},"type":{"type":"string","description":"The type of the chart","description_kind":"plain","required":true},"unknowns":{"type":"string","description":"allows for configuring properties that are not explicitly supported by the current version of this provider","description_kind":"plain","optional":true}},"block_types":{"result_metadata":{"nesting_mode":"list","block":{"block_types":{"config":{"nesting_mode":"list","block":{"attributes":{"custom_color":{"type":"string","description":"The color of the metric in the chart, hex format","description_kind":"plain","optional":true},"key":{"type":"string","description":"A generated key by the Dynatrace Server","description_kind":"plain","optional":true},"last_modified":{"type":"number","description":"The timestamp of the last metadata modification, in UTC milliseconds","description_kind":"plain","optional":true},"unknowns":{"type":"string","description":"allows for configuring properties that are not explicitly supported by the current version of this provider","description_kind":"plain","optional":true}},"description":"Additional metadata for charted metric","description_kind":"plain"}}},"description":"Additional information about charted metric","description_kind":"plain"}},"series":{"nesting_mode":"list","block":{"attributes":{"aggregation":{"type":"string","description":"The charted aggregation of the metric","description_kind":"plain","required":true},"aggregation_rate":{"type":"string","description_kind":"plain","optional":true},"entity_type":{"type":"string","description":"The visualization of the timeseries chart","description_kind":"plain","required":true},"metric":{"type":"string","description":"The name of the charted metric","description_kind":"plain","required":true},"percentile":{"type":"number","description":"The charted percentile. Only applicable if the **aggregation** is set to `PERCENTILE`","description_kind":"plain","optional":true},"sort_ascending":{"type":"bool","description":"Sort ascending (`true`) or descending (`false`)","description_kind":"plain","optional":true},"sort_column":{"type":"bool","description":"Sort the column (`true`) or (`false`)","description_kind":"plain","optional":true},"type":{"type":"string","description":"The visualization of the timeseries chart. Possible values are `AREA`, `BAR` and `LINE`.","description_kind":"plain","required":true},"unknowns":{"type":"string","description":"allows for configuring properties that are not explicitly supported by the current version of this provider","description_kind":"plain","optional":true}},"block_types":{"dimension":{"nesting_mode":"list","block":{"attributes":{"entity_dimension":{"type":"bool","description_kind":"plain","optional":true},"id":{"type":"string","description":"The ID of the dimension by which the metric is split","description_kind":"plain","required":true},"name":{"type":"string","description":"The name of the dimension by which the metric is split","description_kind":"plain","optional":true},"unknowns":{"type":"string","description":"allows for configuring properties that are not explicitly supported by the current version of this provider","description_kind":"plain","optional":true},"values":{"type":["set","string"],"description":"The splitting value","description_kind":"plain","optional":true}},"description":"Configuration of the charted metric splitting","description_kind":"plain"}}},"description":"A list of charted metrics","description_kind":"plain"}}},"description":"Configuration of a custom chart","description_kind":"plain"},"max_items":1},"filters":{"nesting_mode":"list","block":{"block_types":{"filter":{"nesting_mode":"list","block":{"attributes":{"entity_type":{"type":"string","description":"The entity type (e.g. HOST, SERVICE, ...)","description_kind":"plain","required":true}},"block_types":{"match":{"nesting_mode":"list","block":{"attributes":{"key":{"type":"string","description":"The entity type (e.g. HOST, SERVICE, ...)","description_kind":"plain","required":true},"values":{"type":["set","string"],"description":"the tiles this Dashboard consist of","description_kind":"plain","optional":true}},"description":"the tiles this Dashboard consist of","description_kind":"plain"}}},"description":"the tiles this Dashboard consist of","description_kind":"plain"}}},"description":"Configuration of a custom chart","description_kind":"plain"},"max_items":1}},"description":"the position and size of a tile","description_kind":"plain"},"max_items":1},"visualization_config":{"nesting_mode":"list","block":{"attributes":{"has_axis_bucketing":{"type":"bool","description":"The axis bucketing when enabled groups similar series in the same virtual axis","description_kind":"plain","optional":true},"unknowns":{"type":"string","description":"allows for configuring properties that are not explicitly supported by the current version of this provider","description_kind":"plain","optional":true}},"description":"Configuration of a User session query visualization tile","description_kind":"plain"},"max_items":1}},"description":"the tiles this Dashboard consist of","description_kind":"plain"}}},"description_kind":"plain"}},"dynatrace_dashboard_sharing":{"version":0,"block":{"attributes":{"dashboard_id":{"type":"string","description":"The Dynatrace entity ID of the dashboard","description_kind":"plain","required":true},"enabled":{"type":"bool","description":"The dashboard is shared (`true`) or private (`false`)","description_kind":"plain","optional":true},"id":{"type":"string","description_kind":"plain","optional":true,"computed":true},"preset":{"type":"bool","description":"If `true` the dashboard will be marked as preset","description_kind":"plain","optional":true}},"block_types":{"permissions":{"nesting_mode":"list","block":{"block_types":{"permission":{"nesting_mode":"list","block":{"attributes":{"id":{"type":"string","description":"The ID of the user or group to whom the permission is granted.\n\nNot applicable if the **type** is set to `ALL`","description_kind":"plain","optional":true},"level":{"type":"string","description":"The level of the permission: \n \n* `VIEW`: The dashboard is shared with read permission. \n* `EDIT`: The dashboard is shared with edit permission","description_kind":"plain","required":true},"type":{"type":"string","description":"The type of the permission: \n\n* `USER`: The dashboard is shared with the specified user. \n* `GROUP`: The dashboard is shared with all users of the specified group. \n* `ALL`: The dashboard is shared via link. Any authenticated user with the link can view the dashboard","description_kind":"plain","required":true}},"description":"Access permissions of the dashboard","description_kind":"plain"}}},"description":"Access permissions of the dashboard","description_kind":"plain"},"max_items":1},"public":{"nesting_mode":"list","block":{"attributes":{"management_zones":{"type":["set","string"],"description":"A list of management zones that can display data on the publicly shared dashboard. \n\nSpecify management zone IDs here. For each management zone you specify Dynatrace generates an access link. To share the dashboard with its default management zone, use the `default` value","description_kind":"plain","required":true}},"description":"Configuration of the [anonymous access](https://dt-url.net/ov03sf1) to the dashboard","description_kind":"plain"},"max_items":1}},"description_kind":"plain"}},"dynatrace_database_anomalies":{"version":0,"block":{"attributes":{"id":{"type":"string","description_kind":"plain","optional":true,"computed":true}},"block_types":{"db_connect_failures":{"nesting_mode":"list","block":{"attributes":{"connection_fails_count":{"type":"number","description":"Number of failed database connections during any **eval_period** minutes period to trigger an alert","description_kind":"plain","optional":true},"eval_period":{"type":"number","description":"The *X* minutes time period during which the **connection_fails_count** is evaluated","description_kind":"plain","optional":true}},"description":"Parameters of the failed database connections detection.  The alert is triggered when failed connections number exceeds **connectionFailsCount** during any **timePeriodMinutes** minutes period","description_kind":"plain"},"max_items":1},"failure_rate":{"nesting_mode":"list","block":{"block_types":{"auto":{"nesting_mode":"list","block":{"attributes":{"absolute":{"type":"number","description":"Absolute increase of failing service calls to trigger an alert, %","description_kind":"plain","required":true},"relative":{"type":"number","description":"Relative increase of failing service calls to trigger an alert, %","description_kind":"plain","required":true},"unknowns":{"type":"string","description":"allows for configuring properties that are not explicitly supported by the current version of this provider","description_kind":"plain","optional":true}},"description":"Parameters of failure rate increase auto-detection. Example: If the expected error rate is 1.5%, and you set an absolute increase of 1%, and a relative increase of 50%, the thresholds will be:  Absolute: 1.5% + **1%** = 2.5%  Relative: 1.5% + 1.5% * **50%** = 2.25%","description_kind":"plain"},"max_items":1},"thresholds":{"nesting_mode":"list","block":{"attributes":{"sensitivity":{"type":"string","description":"Sensitivity of the threshold.  With `low` sensitivity, high statistical confidence is used. Brief violations (for example, due to a surge in load) won't trigger alerts.  With `high` sensitivity, no statistical confidence is used. Each violation triggers alert","description_kind":"plain","required":true},"threshold":{"type":"number","description":"Failure rate during any 5-minute period to trigger an alert, %","description_kind":"plain","required":true},"unknowns":{"type":"string","description":"allows for configuring properties that are not explicitly supported by the current version of this provider","description_kind":"plain","optional":true}},"description":"Fixed thresholds for failure rate increase detection","description_kind":"plain"},"max_items":1}},"description":"Configuration of failure rate increase detection","description_kind":"plain"},"max_items":1},"load":{"nesting_mode":"list","block":{"block_types":{"drops":{"nesting_mode":"list","block":{"attributes":{"minutes":{"type":"number","description":"Alert if the service stays in abnormal state for at least *X* minutes","description_kind":"plain","optional":true},"percent":{"type":"number","description":"Alert if the observed load is more than *X* % of the expected value","description_kind":"plain","optional":true}},"description":"The configuration of traffic drops detection","description_kind":"plain"},"max_items":1},"spikes":{"nesting_mode":"list","block":{"attributes":{"minutes":{"type":"number","description":"Alert if the service stays in abnormal state for at least *X* minutes","description_kind":"plain","optional":true},"percent":{"type":"number","description":"Alert if the observed load is more than *X* % of the expected value","description_kind":"plain","optional":true},"unknowns":{"type":"string","description":"allows for configuring properties that are not explicitly supported by the current version of this provider","description_kind":"plain","optional":true}},"description":"The configuration of traffic spikes detection","description_kind":"plain"},"max_items":1}},"description":"Configuration for anomalies regarding load drops and spikes","description_kind":"plain"},"max_items":1},"response_time":{"nesting_mode":"list","block":{"block_types":{"auto":{"nesting_mode":"list","block":{"attributes":{"load":{"type":"string","description":"Minimal service load to detect response time degradation. Response time degradation of services with smaller load won't trigger alerts. Possible values are `FIFTEEN_REQUESTS_PER_MINUTE`, `FIVE_REQUESTS_PER_MINUTE`, `ONE_REQUEST_PER_MINUTE` and `TEN_REQUESTS_PER_MINUTE`","description_kind":"plain","required":true},"milliseconds":{"type":"number","description":"Alert if the response time degrades by more than *X* milliseconds","description_kind":"plain","required":true},"percent":{"type":"number","description":"Alert if the response time degrades by more than *X* %","description_kind":"plain","required":true},"slowest_milliseconds":{"type":"number","description":"Alert if the response time of the slowest 10% degrades by more than *X* milliseconds","description_kind":"plain","required":true},"slowest_percent":{"type":"number","description":"Alert if the response time of the slowest 10% degrades by more than *X* milliseconds","description_kind":"plain","required":true},"unknowns":{"type":"string","description":"allows for configuring properties that are not explicitly supported by the current version of this provider","description_kind":"plain","optional":true}},"description":"Parameters of the response time degradation auto-detection. Violation of **any** criterion triggers an alert","description_kind":"plain"},"max_items":1},"thresholds":{"nesting_mode":"list","block":{"attributes":{"load":{"type":"string","description":"Minimal service load to detect response time degradation. Response time degradation of services with smaller load won't trigger alerts. Possible values are `FIFTEEN_REQUESTS_PER_MINUTE`, `FIVE_REQUESTS_PER_MINUTE`, `ONE_REQUEST_PER_MINUTE` and `TEN_REQUESTS_PER_MINUTE`","description_kind":"plain","required":true},"milliseconds":{"type":"number","description":"Response time during any 5-minute period to trigger an alert, in milliseconds","description_kind":"plain","required":true},"sensitivity":{"type":"string","description":"Sensitivity of the threshold.  With `low` sensitivity, high statistical confidence is used. Brief violations (for example, due to a surge in load) won't trigger alerts.  With `high` sensitivity, no statistical confidence is used. Each violation triggers an alert","description_kind":"plain","required":true},"slowest_milliseconds":{"type":"number","description":"Response time of the 10% slowest during any 5-minute period to trigger an alert, in milliseconds","description_kind":"plain","required":true},"unknowns":{"type":"string","description":"allows for configuring properties that are not explicitly supported by the current version of this provider","description_kind":"plain","optional":true}},"description":"Fixed thresholds for response time degradation detection","description_kind":"plain"},"max_items":1}},"description":"Configuration of response time degradation detection","description_kind":"plain"},"max_items":1}},"description_kind":"plain"}},"dynatrace_disk_anomalies":{"version":0,"block":{"attributes":{"enabled":{"type":"bool","description":"Disk event rule enabled/disabled","description_kind":"plain","required":true},"host_group_id":{"type":"string","description":"Narrows the rule usage down to disks that run on hosts that themselves run on the specified host group","description_kind":"plain","optional":true},"id":{"type":"string","description_kind":"plain","optional":true,"computed":true},"metric":{"type":"string","description":"The metric to monitor. Possible values are: `LOW_DISK_SPACE`, `LOW_INODES`, `READ_TIME_EXCEEDING` and `WRITE_TIME_EXCEEDING`","description_kind":"plain","required":true},"name":{"type":"string","description":"The name of the disk event rule","description_kind":"plain","required":true},"samples":{"type":"number","description":"The number of samples to evaluate","description_kind":"plain","required":true},"threshold":{"type":"number","description":"The threshold to trigger disk event.   * A percentage for `LowDiskSpace` or `LowInodes` metrics.   * In milliseconds for `ReadTimeExceeding` or `WriteTimeExceeding` metrics","description_kind":"plain","required":true},"violating_samples":{"type":"number","description":"The number of samples that must violate the threshold to trigger an event. Must not exceed the number of evaluated samples","description_kind":"plain","required":true}},"block_types":{"disk_name":{"nesting_mode":"list","block":{"attributes":{"operator":{"type":"string","description":"Possible values are: `CONTAINS`, `DOES_NOT_CONTAIN`, `DOES_NOT_EQUAL`, `DOES_NOT_START_WITH`, `EQUALS` and `STARTS_WITH`","description_kind":"plain","required":true},"value":{"type":"string","description":"Value to compare to","description_kind":"plain","required":true}},"description":"Narrows the rule usage down to disks, matching the specified criteria","description_kind":"plain"},"max_items":1},"tags":{"nesting_mode":"list","block":{"block_types":{"filter":{"nesting_mode":"list","block":{"attributes":{"context":{"type":"string","description":"The origin of the tag, such as AWS or Cloud Foundry. Custom tags use the `CONTEXTLESS` value","description_kind":"plain","required":true},"key":{"type":"string","description":"The key of the tag. Custom tags have the tag value here","description_kind":"plain","required":true},"value":{"type":"string","description":"The value of the tag. Not applicable to custom tags","description_kind":"plain","optional":true}},"description":"A Tag Filter","description_kind":"plain"}}},"description":"Narrows the rule usage down to the hosts matching the specified tags","description_kind":"plain"},"max_items":1}},"description_kind":"plain"}},"dynatrace_environment":{"version":0,"block":{"attributes":{"id":{"type":"string","description_kind":"plain","optional":true,"computed":true},"name":{"type":"string","description":"The display name of the environment","description_kind":"plain","required":true},"state":{"type":"string","description":"Indicates whether the environment is enabled or disabled. Possible values are `ENABLED` and `DISABLED`. The default value is ENABLED","description_kind":"plain","required":true},"tags":{"type":["set","string"],"description":"A set of tags that are assigned to this environment. Every tag can have a maximum length of 100 characters","description_kind":"plain","optional":true},"trial":{"type":"bool","description":"Specifies whether the environment is a trial environment or a non-trial environment. Creating a trial environment is only possible if your license allows that. The default value is false (non-trial)","description_kind":"plain","optional":true}},"block_types":{"quotas":{"nesting_mode":"list","block":{"attributes":{"host_units":{"type":"number","description":"Host units consumption and quota information on environment level","description_kind":"plain","optional":true}},"block_types":{"ddus":{"nesting_mode":"list","block":{"attributes":{"annual":{"type":"number","description":"Annual environment quota. Not set if unlimited","description_kind":"plain","optional":true},"monthly":{"type":"number","description":"Monthly environment quota. Not set if unlimited","description_kind":"plain","optional":true}},"description":"Davis Data Units consumption and quota information on environment level. Not set (and not editable) if Davis data units is not enabled","description_kind":"plain"},"max_items":1},"dem_units":{"nesting_mode":"list","block":{"attributes":{"annual":{"type":"number","description":"Annual environment quota. Not set if unlimited","description_kind":"plain","optional":true},"monthly":{"type":"number","description":"Monthly environment quota. Not set if unlimited","description_kind":"plain","optional":true}},"description":"DEM units consumption and quota information on environment level","description_kind":"plain"},"max_items":1},"logs":{"nesting_mode":"list","block":{"attributes":{"annual":{"type":"number","description":"Annual environment quota. Not set if unlimited","description_kind":"plain","optional":true},"monthly":{"type":"number","description":"Monthly environment quota. Not set if unlimited","description_kind":"plain","optional":true}},"description":"Log Monitoring consumption and quota information on environment level. Not set (and not editable) if Log monitoring is not enabled. Not set (and not editable) if Log monitoring is migrated to Davis data on license level","description_kind":"plain"},"max_items":1},"synthetic":{"nesting_mode":"list","block":{"attributes":{"annual":{"type":"number","description":"Annual environment quota. Not set if unlimited","description_kind":"plain","optional":true},"monthly":{"type":"number","description":"Monthly environment quota. Not set if unlimited","description_kind":"plain","optional":true}},"description":"Synthetic monitors consumption and quota information on environment level. Not set (and not editable) if neither Synthetic nor DEM units is enabled","description_kind":"plain"},"max_items":1},"user_sessions":{"nesting_mode":"list","block":{"attributes":{"annual":{"type":"number","description":"Annual total User sessions environment quota. Not set if unlimited","description_kind":"plain","optional":true},"monthly":{"type":"number","description":"Monthly total User sessions environment quota. Not set if unlimited","description_kind":"plain","optional":true}},"description":"User sessions consumption and quota information on environment level","description_kind":"plain"},"max_items":1}},"description":"Environment level consumption and quotas information","description_kind":"plain"},"max_items":1},"storage":{"nesting_mode":"list","block":{"attributes":{"transactions":{"type":"number","description":"Maximum number of newly monitored entry point PurePaths captured per process/minute on environment level. Can be set to any value from 100 to 100000","description_kind":"plain","required":true},"user_actions":{"type":"number","description":"Maximum number of user actions generated per minute on environment level. Can be set to any value from 1 to 2147483646 or left unlimited by omitting this property","description_kind":"plain","optional":true}},"block_types":{"limits":{"nesting_mode":"list","block":{"attributes":{"logs":{"type":"number","description":"Log monitoring storage usage and limit information on environment level in bytes. Not editable when Log monitoring is not allowed by license or not configured on cluster level. 0 for unlimited.","description_kind":"plain","optional":true},"session_replay":{"type":"number","description":"Session replay storage usage and limit information on environment level in bytes. 0 for unlimited.","description_kind":"plain","optional":true},"symbol_files":{"type":"number","description":"Session replay storage usage and limit information on environment level in bytes. 0 for unlimited.","description_kind":"plain","optional":true},"transactions":{"type":"number","description":"Transaction storage usage and limit information on environment level in bytes. 0 for unlimited.","description_kind":"plain","optional":true}},"description_kind":"plain"},"max_items":1},"retention":{"nesting_mode":"list","block":{"attributes":{"logs":{"type":"number","description":"Log monitoring retention settings on environment level in days. Not editable when Log monitoring is not allowed by license or not configured on cluster level. Can be set to any value from 5 to 90 days","description_kind":"plain","required":true},"rum":{"type":"number","description":"Real user monitoring retention settings on environment level in days. Can be set to any value from 1 to 35 days","description_kind":"plain","required":true},"service_code_level":{"type":"number","description":"Service code level retention settings on environment level in days. Service code level retention time can't be greater than service request level retention time and both can't exceed one year","description_kind":"plain","required":true},"service_request_level":{"type":"number","description":"Service request level retention settings on environment level in days. Service code level retention time can't be greater than service request level retention time and both can't exceed one year","description_kind":"plain","required":true},"session_replay":{"type":"number","description":"Session replay retention settings on environment level in days. Can be set to any value from 1 to 35 days","description_kind":"plain","required":true},"synthetic":{"type":"number","description":"Synthetic monitoring retention settings on environment level in days. Can be set to any value from 1 to 35 days","description_kind":"plain","required":true}},"description_kind":"plain"},"max_items":1}},"description":"Environment level storage usage and limit information","description_kind":"plain"},"min_items":1,"max_items":1}},"description_kind":"plain"}},"dynatrace_host_anomalies":{"version":0,"block":{"attributes":{"id":{"type":"string","description_kind":"plain","optional":true,"computed":true}},"block_types":{"connections":{"nesting_mode":"list","block":{"attributes":{"enabled":{"type":"bool","description":"The detection is enabled (`true`) or disabled (`false`)","description_kind":"plain","required":true},"enabled_on_graceful_shutdowns":{"type":"bool","description":"Alert (`true`) on graceful host shutdowns","description_kind":"plain","required":true}},"description":"Configuration of lost connection detection","description_kind":"plain"},"max_items":1},"cpu":{"nesting_mode":"list","block":{"attributes":{"enabled":{"type":"bool","description":"The detection is enabled (`true`) or disabled (`false`)","description_kind":"plain","required":true}},"block_types":{"thresholds":{"nesting_mode":"list","block":{"attributes":{"saturation":{"type":"number","description":"Alert if CPU usage is higher than *X*% in 3 out of 5 samples","description_kind":"plain","required":true}},"description":"Custom thresholds for high CPU saturation. If not set then the automatic mode is used","description_kind":"plain"},"max_items":1}},"description":"Configuration of high CPU saturation detection","description_kind":"plain"},"max_items":1},"disks":{"nesting_mode":"list","block":{"block_types":{"inodes":{"nesting_mode":"list","block":{"attributes":{"enabled":{"type":"bool","description":"The detection is enabled (`true`) or disabled (`false`)","description_kind":"plain","required":true}},"block_types":{"thresholds":{"nesting_mode":"list","block":{"attributes":{"percentage":{"type":"number","description":"Alert if percentage of available inodes is lower than *X*% in 3 out of 5 samples","description_kind":"plain","required":true}},"description":"Custom thresholds for low disk inodes number. If not set, automatic mode is used","description_kind":"plain"},"max_items":1}},"description":"Configuration of low disk inodes number detection","description_kind":"plain"},"max_items":1},"space":{"nesting_mode":"list","block":{"attributes":{"enabled":{"type":"bool","description":"The detection is enabled (`true`) or disabled (`false`)","description_kind":"plain","required":true}},"block_types":{"thresholds":{"nesting_mode":"list","block":{"attributes":{"percentage":{"type":"number","description":"Alert if free disk space is lower than *X*% in 3 out of 5 samples","description_kind":"plain","required":true}},"description":"Custom thresholds for low disk space. If not set, automatic mode is used","description_kind":"plain"},"max_items":1}},"description":"Configuration of low disk space detection","description_kind":"plain"},"max_items":1},"speed":{"nesting_mode":"list","block":{"attributes":{"enabled":{"type":"bool","description":"The detection is enabled (`true`) or disabled (`false`)","description_kind":"plain","required":true}},"block_types":{"thresholds":{"nesting_mode":"list","block":{"attributes":{"write_and_read_time":{"type":"number","description":"Alert if disk read/write time is higher than *X* milliseconds in 3 out of 5 samples","description_kind":"plain","required":true}},"description":"Custom thresholds for slow running disks. If not set, the automatic mode is used","description_kind":"plain"},"max_items":1}},"description":"Configuration of slow running disks detection","description_kind":"plain"},"max_items":1}},"description":"Configuration of disk related anomalies","description_kind":"plain"},"max_items":1},"gc":{"nesting_mode":"list","block":{"attributes":{"enabled":{"type":"bool","description":"The detection is enabled (`true`) or disabled (`false`)","description_kind":"plain","required":true}},"block_types":{"thresholds":{"nesting_mode":"list","block":{"attributes":{"suspension_percentage":{"type":"number","description":"GC suspension is higher than *X*% in 3 out of 5 samples","description_kind":"plain","required":true},"time_percentage":{"type":"number","description":"GC time is higher than *X*% in 3 out of 5 samples","description_kind":"plain","required":true}},"description":"Custom thresholds for high GC activity. If not set, automatic mode is used.   Meeting **any** of these conditions triggers an alert","description_kind":"plain"},"max_items":1}},"description":"Configuration of high Garbage Collector activity detection","description_kind":"plain"},"max_items":1},"java":{"nesting_mode":"list","block":{"block_types":{"out_of_memory":{"nesting_mode":"list","block":{"attributes":{"enabled":{"type":"bool","description":"The detection is enabled (`true`) or disabled (`false`)","description_kind":"plain","required":true}},"block_types":{"thresholds":{"nesting_mode":"list","block":{"attributes":{"exception_count":{"type":"number","description":"Alert if the number of Java out of memory exceptions is *X* per minute or higher","description_kind":"plain","required":true}},"description":"Custom thresholds for Java out of memory. If not set, automatic mode is used","description_kind":"plain"},"max_items":1}},"description":"Configuration of Java out of memory problems detection","description_kind":"plain"},"max_items":1},"out_of_threads":{"nesting_mode":"list","block":{"attributes":{"enabled":{"type":"bool","description":"The detection is enabled (`true`) or disabled (`false`)","description_kind":"plain","required":true}},"block_types":{"thresholds":{"nesting_mode":"list","block":{"attributes":{"exception_count":{"type":"number","description":"Alert if the number of Java out of threads exceptions is *X* per minute or higher","description_kind":"plain","required":true}},"description":"Custom thresholds for Java out of threads detection. If not set, automatic mode is used","description_kind":"plain"},"max_items":1}},"description":"Configuration of Java out of threads problems detection","description_kind":"plain"},"max_items":1}},"description":"Configuration of Java related anomalies","description_kind":"plain"},"max_items":1},"memory":{"nesting_mode":"list","block":{"attributes":{"enabled":{"type":"bool","description":"The detection is enabled (`true`) or disabled (`false`)","description_kind":"plain","required":true}},"block_types":{"thresholds":{"nesting_mode":"list","block":{"block_types":{"linux":{"nesting_mode":"list","block":{"attributes":{"page_faults":{"type":"number","description":"Memory page fault rate is higher than *X* faults per second","description_kind":"plain","required":true},"usage":{"type":"number","description":"Memory usage is higher than *X*%","description_kind":"plain","required":true}},"description":"Custom thresholds for Linux","description_kind":"plain"},"min_items":1,"max_items":1},"windows":{"nesting_mode":"list","block":{"attributes":{"page_faults":{"type":"number","description":"Memory page fault rate is higher than *X* faults per second","description_kind":"plain","required":true},"usage":{"type":"number","description":"Memory usage is higher than *X*%","description_kind":"plain","required":true}},"description":"Custom thresholds for Windows","description_kind":"plain"},"min_items":1,"max_items":1}},"description":"Custom thresholds for high memory usage. If not set then the automatic mode is used. **Both** conditions must be met to trigger an alert","description_kind":"plain"},"max_items":1}},"description":"Configuration of high memory usage detection","description_kind":"plain"},"max_items":1},"network":{"nesting_mode":"list","block":{"block_types":{"connectivity":{"nesting_mode":"list","block":{"attributes":{"enabled":{"type":"bool","description":"The detection is enabled (`true`) or disabled (`false`)","description_kind":"plain","required":true}},"block_types":{"thresholds":{"nesting_mode":"list","block":{"attributes":{"failed_connections":{"type":"number","description":"Number of failed connections is higher than *X* connections per minute in 3 out of 5 samples","description_kind":"plain","required":true},"new_connection_failures":{"type":"number","description":"Percentage of new connection failures is higher than *X*% in 3 out of 5 samples","description_kind":"plain","required":true}},"description":"Custom thresholds for TCP connection problems. If not set, automatic mode is used.   **All** of these conditions must be met to trigger an alert","description_kind":"plain"},"max_items":1}},"description":"Configuration of TCP connectivity problems detection","description_kind":"plain"},"max_items":1},"dropped_packets":{"nesting_mode":"list","block":{"attributes":{"enabled":{"type":"bool","description":"The detection is enabled (`true`) or disabled (`false`)","description_kind":"plain","required":true}},"block_types":{"thresholds":{"nesting_mode":"list","block":{"attributes":{"dropped_packets":{"type":"number","description":"Receive/transmit dropped packet percentage is higher than *X*% in 3 out of 5 samples","description_kind":"plain","required":true},"total_packets_rate":{"type":"number","description":"Total receive/transmit packets rate is higher than *X* packets per second in 3 out of 5 samples","description_kind":"plain","required":true}},"description":"Custom thresholds for dropped packets. If not set, automatic mode is used.   **All** of these conditions must be met to trigger an alert","description_kind":"plain"},"max_items":1}},"description":"Configuration of high number of dropped packets detection","description_kind":"plain"},"max_items":1},"errors":{"nesting_mode":"list","block":{"attributes":{"enabled":{"type":"bool","description":"The detection is enabled (`true`) or disabled (`false`)","description_kind":"plain","required":true}},"block_types":{"thresholds":{"nesting_mode":"list","block":{"attributes":{"errors_percentage":{"type":"number","description":"Receive/transmit error packet percentage is higher than *X*% in 3 out of 5 samples","description_kind":"plain","required":true},"total_packets_rate":{"type":"number","description":"Total receive/transmit packets rate is higher than *X* packets per second in 3 out of 5 samples","description_kind":"plain","required":true}},"description":"Custom thresholds for network errors. If not set, automatic mode is used.   **All** of these conditions must be met to trigger an alert","description_kind":"plain"},"max_items":1}},"description":"Configuration of high number of network errors detection","description_kind":"plain"},"max_items":1},"retransmission":{"nesting_mode":"list","block":{"attributes":{"enabled":{"type":"bool","description":"The detection is enabled (`true`) or disabled (`false`)","description_kind":"plain","required":true}},"block_types":{"thresholds":{"nesting_mode":"list","block":{"attributes":{"retransmission_rate":{"type":"number","description":"Retransmission rate is higher than *X*% in 3 out of 5 samples","description_kind":"plain","required":true},"retransmitted_packets":{"type":"number","description":"Number of retransmitted packets is higher than *X* packets per minute in 3 out of 5 samples","description_kind":"plain","required":true}},"description":"Custom thresholds for high retransmission rate. If not set, automatic mode is used.   **All** of these conditions must be met to trigger an alert","description_kind":"plain"},"max_items":1}},"description":"Configuration of high retransmission rate detection","description_kind":"plain"},"max_items":1},"utilization":{"nesting_mode":"list","block":{"attributes":{"enabled":{"type":"bool","description":"The detection is enabled (`true`) or disabled (`false`)","description_kind":"plain","required":true}},"block_types":{"thresholds":{"nesting_mode":"list","block":{"attributes":{"utilization":{"type":"number","description":"Alert if sent/received traffic utilization is higher than *X*% in 3 out of 5 samples","description_kind":"plain","required":true}},"description":"Custom thresholds for high network utilization. If not set, automatic mode is used","description_kind":"plain"},"max_items":1}},"description":"Configuration of high network utilization detection","description_kind":"plain"},"max_items":1}},"description":"Configuration of network related anomalies","description_kind":"plain"},"max_items":1}},"description_kind":"plain"}},"dynatrace_host_naming":{"version":0,"block":{"attributes":{"enabled":{"type":"bool","description":"The rule is enabled (`true`) or disabled (`false`)","description_kind":"plain","required":true},"format":{"type":"string","description":"The name to be assigned to matching entities. You can use the following placeholders here:  * `{AwsAutoScalingGroup:Name}`  * `{AwsAvailabilityZone:Name}`  * `{AwsElasticLoadBalancer:Name}`  * `{AwsRelationalDatabaseService:DBName}`  * `{AwsRelationalDatabaseService:Endpoint}`  * `{AwsRelationalDatabaseService:Engine}`  * `{AwsRelationalDatabaseService:InstanceClass}`  * `{AwsRelationalDatabaseService:Name}`  * `{AwsRelationalDatabaseService:Port}`  * `{AzureRegion:Name}`  * `{AzureScaleSet:Name}`  * `{AzureVm:Name}`  * `{CloudFoundryOrganization:Name}`  * `{CustomDevice:DetectedName}`  * `{CustomDevice:DnsName}`  * `{CustomDevice:IpAddress}`  * `{CustomDevice:Port}`  * `{DockerContainerGroupInstance:ContainerName}`  * `{DockerContainerGroupInstance:FullImageName}`  * `{DockerContainerGroupInstance:ImageVersion}`  * `{DockerContainerGroupInstance:StrippedImageName}`  * `{ESXIHost:HardwareModel}`  * `{ESXIHost:HardwareVendor}`  * `{ESXIHost:Name}`  * `{ESXIHost:ProductName}`  * `{ESXIHost:ProductVersion}`  * `{Ec2Instance:AmiId}`  * `{Ec2Instance:BeanstalkEnvironmentName}`  * `{Ec2Instance:InstanceId}`  * `{Ec2Instance:InstanceType}`  * `{Ec2Instance:LocalHostName}`  * `{Ec2Instance:Name}`  * `{Ec2Instance:PublicHostName}`  * `{Ec2Instance:SecurityGroup}`  * `{GoogleComputeInstance:Id}`  * `{GoogleComputeInstance:IpAddresses}`  * `{GoogleComputeInstance:MachineType}`  * `{GoogleComputeInstance:Name}`  * `{GoogleComputeInstance:ProjectId}`  * `{GoogleComputeInstance:Project}`  * `{Host:AWSNameTag}`  * `{Host:AixLogicalCpuCount}`  * `{Host:AzureHostName}`  * `{Host:AzureSiteName}`  * `{Host:BoshDeploymentId}`  * `{Host:BoshInstanceId}`  * `{Host:BoshInstanceName}`  * `{Host:BoshName}`  * `{Host:BoshStemcellVersion}`  * `{Host:CpuCores}`  * `{Host:DetectedName}`  * `{Host:Environment:AppName}`  * `{Host:Environment:BoshReleaseVersion}`  * `{Host:Environment:Environment}`  * `{Host:Environment:Link}`  * `{Host:Environment:Organization}`  * `{Host:Environment:Owner}`  * `{Host:Environment:Support}`  * `{Host:IpAddress}`  * `{Host:LogicalCpuCores}`  * `{Host:OneAgentCustomHostName}`  * `{Host:OperatingSystemVersion}`  * `{Host:PaasMemoryLimit}`  * `{HostGroup:Name}`  * `{KubernetesCluster:Name}`  * `{KubernetesNode:DetectedName}`  * `{OpenstackAvailabilityZone:Name}`  * `{OpenstackZone:Name}`  * `{OpenstackComputeNode:Name}`  * `{OpenstackProject:Name}`  * `{OpenstackVm:InstanceType}`  * `{OpenstackVm:Name}`  * `{OpenstackVm:SecurityGroup}`  * `{ProcessGroup:AmazonECRImageAccountId}`  * `{ProcessGroup:AmazonECRImageRegion}`  * `{ProcessGroup:AmazonECSCluster}`  * `{ProcessGroup:AmazonECSContainerName}`  * `{ProcessGroup:AmazonECSFamily}`  * `{ProcessGroup:AmazonECSRevision}`  * `{ProcessGroup:AmazonLambdaFunctionName}`  * `{ProcessGroup:AmazonRegion}`  * `{ProcessGroup:ApacheConfigPath}`  * `{ProcessGroup:ApacheSparkMasterIpAddress}`  * `{ProcessGroup:AspDotNetCoreApplicationPath}`  * `{ProcessGroup:AspDotNetCoreApplicationPath}`  * `{ProcessGroup:AzureHostName}`  * `{ProcessGroup:AzureSiteName}`  * `{ProcessGroup:CassandraClusterName}`  * `{ProcessGroup:CatalinaBase}`  * `{ProcessGroup:CatalinaHome}`  * `{ProcessGroup:CloudFoundryAppId}`  * `{ProcessGroup:CloudFoundryAppName}`  * `{ProcessGroup:CloudFoundryInstanceIndex}`  * `{ProcessGroup:CloudFoundrySpaceId}`  * `{ProcessGroup:CloudFoundrySpaceName}`  * `{ProcessGroup:ColdFusionJvmConfigFile}`  * `{ProcessGroup:ColdFusionServiceName}`  * `{ProcessGroup:CommandLineArgs}`  * `{ProcessGroup:DetectedName}`  * `{ProcessGroup:DotNetCommandPath}`  * `{ProcessGroup:DotNetCommand}`  * `{ProcessGroup:DotNetClusterId}`  * `{ProcessGroup:DotNetNodeId}`  * `{ProcessGroup:ElasticsearchClusterName}`  * `{ProcessGroup:ElasticsearchNodeName}`  * `{ProcessGroup:EquinoxConfigPath}`  * `{ProcessGroup:ExeName}`  * `{ProcessGroup:ExePath}`  * `{ProcessGroup:GlassFishDomainName}`  * `{ProcessGroup:GlassFishInstanceName}`  * `{ProcessGroup:GoogleAppEngineInstance}`  * `{ProcessGroup:GoogleAppEngineService}`  * `{ProcessGroup:GoogleCloudProject}`  * `{ProcessGroup:HybrisBinDirectory}`  * `{ProcessGroup:HybrisConfigDirectory}`  * `{ProcessGroup:HybrisConfigDirectory}`  * `{ProcessGroup:HybrisDataDirectory}`  * `{ProcessGroup:IBMCicsRegion}`  * `{ProcessGroup:IBMCtgName}`  * `{ProcessGroup:IBMImsConnectRegion}`  * `{ProcessGroup:IBMImsControlRegion}`  * `{ProcessGroup:IBMImsMessageProcessingRegion}`  * `{ProcessGroup:IBMImsSoapGwName}`  * `{ProcessGroup:IBMIntegrationNodeName}`  * `{ProcessGroup:IBMIntegrationServerName}`  * `{ProcessGroup:IISAppPool}`  * `{ProcessGroup:IISRoleName}`  * `{ProcessGroup:JbossHome}`  * `{ProcessGroup:JbossMode}`  * `{ProcessGroup:JbossServerName}`  * `{ProcessGroup:JavaJarFile}`  * `{ProcessGroup:JavaJarPath}`  * `{ProcessGroup:JavaMainCLass}`  * `{ProcessGroup:KubernetesBasePodName}`  * `{ProcessGroup:KubernetesContainerName}`  * `{ProcessGroup:KubernetesFullPodName}`  * `{ProcessGroup:KubernetesNamespace}`  * `{ProcessGroup:KubernetesPodUid}`  * `{ProcessGroup:MssqlInstanceName}`  * `{ProcessGroup:NodeJsAppBaseDirectory}`  * `{ProcessGroup:NodeJsAppName}`  * `{ProcessGroup:NodeJsScriptName}`  * `{ProcessGroup:OracleSid}`  * `{ProcessGroup:PHPScriptPath}`  * `{ProcessGroup:PHPWorkingDirectory}`  * `{ProcessGroup:Ports}`  * `{ProcessGroup:RubyAppRootPath}`  * `{ProcessGroup:RubyScriptPath}`  * `{ProcessGroup:SoftwareAGInstallRoot}`  * `{ProcessGroup:SoftwareAGProductPropertyName}`  * `{ProcessGroup:SpringBootAppName}`  * `{ProcessGroup:SpringBootProfileName}`  * `{ProcessGroup:SpringBootStartupClass}`  * `{ProcessGroup:TIBCOBusinessWorksAppNodeName}`  * `{ProcessGroup:TIBCOBusinessWorksAppSpaceName}`  * `{ProcessGroup:TIBCOBusinessWorksCeAppName}`  * `{ProcessGroup:TIBCOBusinessWorksCeVersion}`  * `{ProcessGroup:TIBCOBusinessWorksDomainName}`  * `{ProcessGroup:TIBCOBusinessWorksEnginePropertyFilePath}`  * `{ProcessGroup:TIBCOBusinessWorksEnginePropertyFile}`  * `{ProcessGroup:TIBCOBusinessWorksHome}`  * `{ProcessGroup:VarnishInstanceName}`  * `{ProcessGroup:WebLogicClusterName}`  * `{ProcessGroup:WebLogicDomainName}`  * `{ProcessGroup:WebLogicHome}`  * `{ProcessGroup:WebLogicName}`  * `{ProcessGroup:WebSphereCellName}`  * `{ProcessGroup:WebSphereClusterName}`  * `{ProcessGroup:WebSphereNodeName}`  * `{ProcessGroup:WebSphereServerName}`  * `{ProcessGroup:ActorSystem}`  * `{Service:STGServerName}`  * `{Service:DatabaseHostName}`  * `{Service:DatabaseName}`  * `{Service:DatabaseVendor}`  * `{Service:DetectedName}`  * `{Service:EndpointPath}`  * `{Service:EndpointPathGatewayUrl}`  * `{Service:IIBApplicationName}`  * `{Service:MessageListenerClassName}`  * `{Service:Port}`  * `{Service:PublicDomainName}`  * `{Service:RemoteEndpoint}`  * `{Service:RemoteName}`  * `{Service:WebApplicationId}`  * `{Service:WebContextRoot}`  * `{Service:WebServerName}`  * `{Service:WebServiceNamespace}`  * `{Service:WebServiceName}`  * `{VmwareDatacenter:Name}`  * `{VmwareVm:Name}","description_kind":"plain","required":true},"id":{"type":"string","description_kind":"plain","optional":true,"computed":true},"name":{"type":"string","description":"The name of the rule","description_kind":"plain","required":true},"unknowns":{"type":"string","description":"allows for configuring properties that are not explicitly supported by the current version of this provider","description_kind":"plain","optional":true}},"block_types":{"conditions":{"nesting_mode":"list","block":{"block_types":{"condition":{"nesting_mode":"list","block":{"attributes":{"unknowns":{"type":"string","description":"Any attributes that aren't yet supported by this provider","description_kind":"plain","optional":true}},"block_types":{"application_type":{"nesting_mode":"list","block":{"attributes":{"negate":{"type":"bool","description":"Reverses the operator. For example it turns the **begins with** into **does not begin with**","description_kind":"plain","optional":true},"operator":{"type":"string","description":"Operator of the comparison. You can reverse it by setting **negate** to `true`","description_kind":"plain","required":true},"unknowns":{"type":"string","description":"Any attributes that aren't yet supported by this provider","description_kind":"plain","optional":true},"value":{"type":"string","description":"The value to compare to","description_kind":"plain","optional":true}},"description":"Comparison for `APPLICATION_TYPE` attributes","description_kind":"plain"}},"application_type_comparison":{"nesting_mode":"list","block":{"attributes":{"negate":{"type":"bool","description":"Reverses the operator. For example it turns the **begins with** into **does not begin with**","description_kind":"plain","optional":true},"operator":{"type":"string","description":"Operator of the comparison. You can reverse it by setting **negate** to `true`","description_kind":"plain","required":true},"type":{"type":"string","description":"if specified, needs to be APPLICATION_TYPE","description_kind":"plain","deprecated":true,"optional":true},"unknowns":{"type":"string","description":"Any attributes that aren't yet supported by this provider","description_kind":"plain","optional":true},"value":{"type":"string","description":"The value to compare to","description_kind":"plain","optional":true}},"description":"Comparison for `APPLICATION_TYPE` attributes","description_kind":"plain","deprecated":true}},"azure_compute_mode":{"nesting_mode":"list","block":{"attributes":{"negate":{"type":"bool","description":"Reverses the operator. For example it turns EQUALS into DOES NOT EQUAL","description_kind":"plain","optional":true},"operator":{"type":"string","description":"Either EQUALS or EXISTS. You can reverse it by setting **negate** to `true`","description_kind":"plain","required":true},"unknowns":{"type":"string","description":"Any attributes that aren't yet supported by this provider","description_kind":"plain","optional":true},"value":{"type":"string","description":"The value to compare to. Possible values are DEDICATED or SHARED.","description_kind":"plain","optional":true}},"description":"Comparison for `AZURE_COMPUTE_MODE` attributes","description_kind":"plain","deprecated":true}},"azure_compute_mode_comparison":{"nesting_mode":"list","block":{"attributes":{"negate":{"type":"bool","description":"Reverses the operator. For example it turns EQUALS into DOES NOT EQUAL","description_kind":"plain","optional":true},"operator":{"type":"string","description":"Either EQUALS or EXISTS. You can reverse it by setting **negate** to `true`","description_kind":"plain","required":true},"unknowns":{"type":"string","description":"Any attributes that aren't yet supported by this provider","description_kind":"plain","optional":true},"value":{"type":"string","description":"The value to compare to. Possible values are DEDICATED or SHARED.","description_kind":"plain","optional":true}},"description":"Comparison for `AZURE_COMPUTE_MODE` attributes","description_kind":"plain"}},"azure_sku":{"nesting_mode":"list","block":{"attributes":{"negate":{"type":"bool","description":"Reverses the operator. For example it turns EQUALS into DOES NOT EQUAL","description_kind":"plain","optional":true},"operator":{"type":"string","description":"Either EQUALS or EXISTS. You can reverse it by setting **negate** to `true`","description_kind":"plain","required":true},"unknowns":{"type":"string","description":"Any attributes that aren't yet supported by this provider","description_kind":"plain","optional":true},"value":{"type":"string","description":"The value to compare to. Possible values are BASIC, DYNAMIC, FREE, PREMIUM, SHARED and STANDARD.","description_kind":"plain","optional":true}},"description":"Comparison for `AZURE_SKU` attributes","description_kind":"plain"}},"azure_sku_comparision":{"nesting_mode":"list","block":{"attributes":{"negate":{"type":"bool","description":"Reverses the operator. For example it turns EQUALS into DOES NOT EQUAL","description_kind":"plain","optional":true},"operator":{"type":"string","description":"Either EQUALS or EXISTS. You can reverse it by setting **negate** to `true`","description_kind":"plain","required":true},"type":{"type":"string","description":"if specified, needs to be AZURE_SKU","description_kind":"plain","deprecated":true,"optional":true},"unknowns":{"type":"string","description":"Any attributes that aren't yet supported by this provider","description_kind":"plain","optional":true},"value":{"type":"string","description":"The value to compare to. Possible values are BASIC, DYNAMIC, FREE, PREMIUM, SHARED and STANDARD.","description_kind":"plain","optional":true}},"description":"Comparison for `AZURE_SKU` attributes","description_kind":"plain","deprecated":true}},"base_comparison_basic":{"nesting_mode":"list","block":{"attributes":{"negate":{"type":"bool","description":"Reverses the operator. For example it turns EQUALS into DOES NOT EQUAL","description_kind":"plain","optional":true},"type":{"type":"string","description":"The type of comparison","description_kind":"plain","required":true},"unknowns":{"type":"string","description":"Any attributes that aren't yet supported by this provider but have meanwhile gotten introduced by a newer version of the Dynatrace REST API","description_kind":"plain","optional":true}},"description":"A comparison that's yet unknown to the provider. Operator and Value need to be encoded using the 'unknowns' property.","description_kind":"plain","deprecated":true}},"base_condition_key":{"nesting_mode":"list","block":{"attributes":{"attribute":{"type":"string","description":"The attribute to be used for comparision","description_kind":"plain","required":true},"type":{"type":"string","description":"Defines the actual set of fields depending on the value","description_kind":"plain","optional":true},"unknowns":{"type":"string","description":"Any attributes that aren't yet supported by this provider but have meanwhile gotten introduced by a newer version of the Dynatrace REST API","description_kind":"plain","optional":true}},"description":"Fallback for not yet known type","description_kind":"plain","deprecated":true}},"bitness":{"nesting_mode":"list","block":{"attributes":{"negate":{"type":"bool","description":"Reverses the operator. For example it turns EQUALS into DOES NOT EQUAL","description_kind":"plain","optional":true},"operator":{"type":"string","description":"Either EQUALS or EXISTS. You can reverse it by setting **negate** to `true`","description_kind":"plain","required":true},"unknowns":{"type":"string","description":"Any attributes that aren't yet supported by this provider but have meanwhile gotten introduced by a newer version of the Dynatrace REST API","description_kind":"plain","optional":true},"value":{"type":"string","description":"The value to compare to. Possible values are 32 and 64.","description_kind":"plain","optional":true}},"description":"Comparison for `BITNESS` attributes","description_kind":"plain"}},"bitness_comparision":{"nesting_mode":"list","block":{"attributes":{"negate":{"type":"bool","description":"Reverses the operator. For example it turns EQUALS into DOES NOT EQUAL","description_kind":"plain","optional":true},"operator":{"type":"string","description":"Either EQUALS or EXISTS. You can reverse it by setting **negate** to `true`","description_kind":"plain","required":true},"type":{"type":"string","description":"if specified, needs to be BITNESS","description_kind":"plain","deprecated":true,"optional":true},"unknowns":{"type":"string","description":"Any attributes that aren't yet supported by this provider but have meanwhile gotten introduced by a newer version of the Dynatrace REST API","description_kind":"plain","optional":true},"value":{"type":"string","description":"The value to compare to. Possible values are 32 and 64.","description_kind":"plain","optional":true}},"description":"Comparison for `BITNESS` attributes","description_kind":"plain","deprecated":true}},"cloud_type":{"nesting_mode":"list","block":{"attributes":{"negate":{"type":"bool","description":"Reverses the operator. For example it turns EQUALS into DOES NOT EQUAL","description_kind":"plain","optional":true},"operator":{"type":"string","description":"Either EQUALS or EXISTS. You can reverse it by setting **negate** to `true`","description_kind":"plain","required":true},"unknowns":{"type":"string","description":"Any attributes that aren't yet supported by this provider but have meanwhile gotten introduced by a newer version of the Dynatrace REST API","description_kind":"plain","optional":true},"value":{"type":"string","description":"The value to compare to. Possible values are AZURE, EC2, GOOGLE_CLOUD_PLATFORM, OPENSTACK, ORACLE and UNRECOGNIZED.","description_kind":"plain","optional":true}},"description":"Comparison for `CLOUD_TYPE` attributes","description_kind":"plain"}},"cloud_type_comparison":{"nesting_mode":"list","block":{"attributes":{"negate":{"type":"bool","description":"Reverses the operator. For example it turns EQUALS into DOES NOT EQUAL","description_kind":"plain","optional":true},"operator":{"type":"string","description":"Either EQUALS or EXISTS. You can reverse it by setting **negate** to `true`","description_kind":"plain","required":true},"type":{"type":"string","description":"if specified, needs to be CLOUD_TYPE","description_kind":"plain","deprecated":true,"optional":true},"unknowns":{"type":"string","description":"Any attributes that aren't yet supported by this provider but have meanwhile gotten introduced by a newer version of the Dynatrace REST API","description_kind":"plain","optional":true},"value":{"type":"string","description":"The value to compare to. Possible values are AZURE, EC2, GOOGLE_CLOUD_PLATFORM, OPENSTACK, ORACLE and UNRECOGNIZED.","description_kind":"plain","optional":true}},"description":"Comparison for `CLOUD_TYPE` attributes","description_kind":"plain","deprecated":true}},"comparison":{"nesting_mode":"list","block":{"attributes":{"negate":{"type":"bool","description":"Reverses the operator. For example it turns EQUALS into DOES NOT EQUAL","description_kind":"plain","optional":true},"type":{"type":"string","description":"The type of comparison","description_kind":"plain","required":true},"unknowns":{"type":"string","description":"Any attributes that aren't yet supported by this provider but have meanwhile gotten introduced by a newer version of the Dynatrace REST API","description_kind":"plain","optional":true}},"description":"A comparison that's yet unknown to the provider. Operator and Value need to be encoded using the 'unknowns' property.","description_kind":"plain"}},"custom_application_type":{"nesting_mode":"list","block":{"attributes":{"negate":{"type":"bool","description":"Reverses the operator. For example it turns EQUALS into DOES NOT EQUAL","description_kind":"plain","optional":true},"operator":{"type":"string","description":"Either EQUALS or EXISTS. You can reverse it by setting **negate** to `true`","description_kind":"plain","required":true},"unknowns":{"type":"string","description":"Any attributes that aren't yet supported by this provider but have meanwhile gotten introduced by a newer version of the Dynatrace REST API","description_kind":"plain","optional":true},"value":{"type":"string","description":"The value to compare to. Possible values are AMAZON_ECHO, DESKTOP, EMBEDDED, IOT, MICROSOFT_HOLOLENS and UFO.","description_kind":"plain","optional":true}},"description":"Comparison for `CUSTOM_APPLICATION_TYPE` attributes","description_kind":"plain"}},"custom_application_type_comparison":{"nesting_mode":"list","block":{"attributes":{"negate":{"type":"bool","description":"Reverses the operator. For example it turns EQUALS into DOES NOT EQUAL","description_kind":"plain","optional":true},"operator":{"type":"string","description":"Either EQUALS or EXISTS. You can reverse it by setting **negate** to `true`","description_kind":"plain","required":true},"type":{"type":"string","description":"if specified, needs to be CUSTOM_APPLICATION_TYPE","description_kind":"plain","deprecated":true,"optional":true},"unknowns":{"type":"string","description":"Any attributes that aren't yet supported by this provider but have meanwhile gotten introduced by a newer version of the Dynatrace REST API","description_kind":"plain","optional":true},"value":{"type":"string","description":"The value to compare to. Possible values are AMAZON_ECHO, DESKTOP, EMBEDDED, IOT, MICROSOFT_HOLOLENS and UFO.","description_kind":"plain","optional":true}},"description":"Comparison for `CUSTOM_APPLICATION_TYPE` attributes","description_kind":"plain","deprecated":true}},"custom_host_metadata":{"nesting_mode":"list","block":{"attributes":{"attribute":{"type":"string","description":"The attribute to be used for comparision","description_kind":"plain","required":true},"unknowns":{"type":"string","description":"Any attributes that aren't yet supported by this provider but have meanwhile gotten introduced by a newer version of the Dynatrace REST API","description_kind":"plain","optional":true}},"block_types":{"dynamic_key":{"nesting_mode":"list","block":{"attributes":{"key":{"type":"string","description":"The actual key of the custom metadata","description_kind":"plain","required":true},"source":{"type":"string","description":"The source of the custom metadata. Possible values are ENVIRONMENT, GOOGLE_COMPUTE_ENGINE and PLUGIN","description_kind":"plain","required":true},"unknowns":{"type":"string","description":"Any attributes that aren't yet supported by this provider but have meanwhile gotten introduced by a newer version of the Dynatrace REST API","description_kind":"plain","optional":true}},"description":"The key of the attribute, which need dynamic keys. Not applicable otherwise, as the attibute itself acts as a key","description_kind":"plain"},"min_items":1,"max_items":1}},"description":"Key for Custom Host Metadata","description_kind":"plain"}},"custom_host_metadata_condition_key":{"nesting_mode":"list","block":{"attributes":{"attribute":{"type":"string","description":"The attribute to be used for comparision","description_kind":"plain","required":true},"type":{"type":"string","description":"if specified, needs to be HOST_CUSTOM_METADATA_KEY","description_kind":"plain","deprecated":true,"optional":true},"unknowns":{"type":"string","description":"Any attributes that aren't yet supported by this provider but have meanwhile gotten introduced by a newer version of the Dynatrace REST API","description_kind":"plain","optional":true}},"block_types":{"dynamic_key":{"nesting_mode":"list","block":{"attributes":{"key":{"type":"string","description":"The actual key of the custom metadata","description_kind":"plain","required":true},"source":{"type":"string","description":"The source of the custom metadata. Possible values are ENVIRONMENT, GOOGLE_COMPUTE_ENGINE and PLUGIN","description_kind":"plain","required":true},"unknowns":{"type":"string","description":"Any attributes that aren't yet supported by this provider but have meanwhile gotten introduced by a newer version of the Dynatrace REST API","description_kind":"plain","optional":true}},"description":"The key of the attribute, which need dynamic keys. Not applicable otherwise, as the attibute itself acts as a key","description_kind":"plain"},"min_items":1,"max_items":1}},"description":"Key for Custom Host Metadata","description_kind":"plain","deprecated":true}},"custom_process_metadata":{"nesting_mode":"list","block":{"attributes":{"attribute":{"type":"string","description":"The attribute to be used for comparision","description_kind":"plain","required":true},"unknowns":{"type":"string","description":"Any attributes that aren't yet supported by this provider but have meanwhile gotten introduced by a newer version of the Dynatrace REST API","description_kind":"plain","optional":true}},"block_types":{"dynamic_key":{"nesting_mode":"list","block":{"attributes":{"key":{"type":"string","description":" The actual key of the custom metadata","description_kind":"plain","required":true},"source":{"type":"string","description":"The source of the custom metadata. Possible values are CLOUD_FOUNDRY, ENVIRONMENT, GOOGLE_CLOUD, KUBERNETES and PLUGIN","description_kind":"plain","required":true},"unknowns":{"type":"string","description":"Any attributes that aren't yet supported by this provider but have meanwhile gotten introduced by a newer version of the Dynatrace REST API","description_kind":"plain","optional":true}},"description":"The key of the attribute, which need dynamic keys. Not applicable otherwise, as the attibute itself acts as a key","description_kind":"plain"},"min_items":1,"max_items":1}},"description":"Key for Custom Process Metadata","description_kind":"plain"}},"custom_process_metadata_condition_key":{"nesting_mode":"list","block":{"attributes":{"attribute":{"type":"string","description":"The attribute to be used for comparision","description_kind":"plain","required":true},"type":{"type":"string","description":"if specified, needs to be PROCESS_CUSTOM_METADATA_KEY","description_kind":"plain","deprecated":true,"optional":true},"unknowns":{"type":"string","description":"Any attributes that aren't yet supported by this provider but have meanwhile gotten introduced by a newer version of the Dynatrace REST API","description_kind":"plain","optional":true}},"block_types":{"dynamic_key":{"nesting_mode":"list","block":{"attributes":{"key":{"type":"string","description":" The actual key of the custom metadata","description_kind":"plain","required":true},"source":{"type":"string","description":"The source of the custom metadata. Possible values are CLOUD_FOUNDRY, ENVIRONMENT, GOOGLE_CLOUD, KUBERNETES and PLUGIN","description_kind":"plain","required":true},"unknowns":{"type":"string","description":"Any attributes that aren't yet supported by this provider but have meanwhile gotten introduced by a newer version of the Dynatrace REST API","description_kind":"plain","optional":true}},"description":"The key of the attribute, which need dynamic keys. Not applicable otherwise, as the attibute itself acts as a key","description_kind":"plain"},"min_items":1,"max_items":1}},"description":"Key for Custom Process Metadata","description_kind":"plain","deprecated":true}},"database_topology":{"nesting_mode":"list","block":{"attributes":{"negate":{"type":"bool","description":"Reverses the operator. For example it turns EQUALS into DOES NOT EQUAL","description_kind":"plain","optional":true},"operator":{"type":"string","description":"Either EQUALS or EXISTS. You can reverse it by setting **negate** to `true`","description_kind":"plain","required":true},"unknowns":{"type":"string","description":"Any attributes that aren't yet supported by this provider but have meanwhile gotten introduced by a newer version of the Dynatrace REST API","description_kind":"plain","optional":true},"value":{"type":"string","description":"The value to compare to. Possible values are CLUSTER, EMBEDDED, FAILOVER, IPC, LOAD_BALANCING, SINGLE_SERVER and UNSPECIFIED.","description_kind":"plain","optional":true}},"description":"Comparison for `DATABASE_TOPOLOGY` attributes","description_kind":"plain"}},"database_topology_comparison":{"nesting_mode":"list","block":{"attributes":{"negate":{"type":"bool","description":"Reverses the operator. For example it turns EQUALS into DOES NOT EQUAL","description_kind":"plain","optional":true},"operator":{"type":"string","description":"Either EQUALS or EXISTS. You can reverse it by setting **negate** to `true`","description_kind":"plain","required":true},"type":{"type":"string","description":"if specified, needs to be DATABASE_TOPOLOGY","description_kind":"plain","deprecated":true,"optional":true},"unknowns":{"type":"string","description":"Any attributes that aren't yet supported by this provider but have meanwhile gotten introduced by a newer version of the Dynatrace REST API","description_kind":"plain","optional":true},"value":{"type":"string","description":"The value to compare to. Possible values are CLUSTER, EMBEDDED, FAILOVER, IPC, LOAD_BALANCING, SINGLE_SERVER and UNSPECIFIED.","description_kind":"plain","optional":true}},"description":"Comparison for `DATABASE_TOPOLOGY` attributes","description_kind":"plain","deprecated":true}},"dcrum_decoder":{"nesting_mode":"list","block":{"attributes":{"negate":{"type":"bool","description":"Reverses the operator. For example it turns EQUALS into DOES NOT EQUAL","description_kind":"plain","optional":true},"operator":{"type":"string","description":"Either EQUALS or EXISTS. You can reverse it by setting **negate** to `true`","description_kind":"plain","required":true},"unknowns":{"type":"string","description":"Any attributes that aren't yet supported by this provider but have meanwhile gotten introduced by a newer version of the Dynatrace REST API","description_kind":"plain","optional":true},"value":{"type":"string","description":"The value to compare to. Possible values are ALL_OTHER, CITRIX_APPFLOW, CITRIX_ICA, CITRIX_ICA_OVER_SSL, DB2_DRDA, HTTP, HTTPS, HTTP_EXPRESS, INFORMIX, MYSQL, ORACLE, SAP_GUI, SAP_GUI_OVER_HTTP, SAP_GUI_OVER_HTTPS, SAP_HANA_DB, SAP_RFC, SSL and TDS.","description_kind":"plain","optional":true}},"description":"Comparison for `DCRUM_DECODER_TYPE` attributes","description_kind":"plain"}},"dcrum_decoder_comparison":{"nesting_mode":"list","block":{"attributes":{"negate":{"type":"bool","description":"Reverses the operator. For example it turns EQUALS into DOES NOT EQUAL","description_kind":"plain","optional":true},"operator":{"type":"string","description":"Either EQUALS or EXISTS. You can reverse it by setting **negate** to `true`","description_kind":"plain","required":true},"type":{"type":"string","description":"if specified, needs to be DCRUM_DECODER_TYPE","description_kind":"plain","deprecated":true,"optional":true},"unknowns":{"type":"string","description":"Any attributes that aren't yet supported by this provider but have meanwhile gotten introduced by a newer version of the Dynatrace REST API","description_kind":"plain","optional":true},"value":{"type":"string","description":"The value to compare to. Possible values are ALL_OTHER, CITRIX_APPFLOW, CITRIX_ICA, CITRIX_ICA_OVER_SSL, DB2_DRDA, HTTP, HTTPS, HTTP_EXPRESS, INFORMIX, MYSQL, ORACLE, SAP_GUI, SAP_GUI_OVER_HTTP, SAP_GUI_OVER_HTTPS, SAP_HANA_DB, SAP_RFC, SSL and TDS.","description_kind":"plain","optional":true}},"description":"Comparison for `DCRUM_DECODER_TYPE` attributes","description_kind":"plain","deprecated":true}},"entity":{"nesting_mode":"list","block":{"attributes":{"negate":{"type":"bool","description":"Reverses the operator. For example it turns EQUALS into DOES NOT EQUAL","description_kind":"plain","optional":true},"operator":{"type":"string","description":"Currently only EQUALS is supported. You can reverse it by setting **negate** to `true`","description_kind":"plain","required":true},"unknowns":{"type":"string","description":"Any attributes that aren't yet supported by this provider but have meanwhile gotten introduced by a newer version of the Dynatrace REST API","description_kind":"plain","optional":true},"value":{"type":"string","description":"The value to compare to","description_kind":"plain","optional":true}},"description":"Comparison for `ENTITY_ID` attributes","description_kind":"plain"}},"entity_id_comparison":{"nesting_mode":"list","block":{"attributes":{"negate":{"type":"bool","description":"Reverses the operator. For example it turns EQUALS into DOES NOT EQUAL","description_kind":"plain","optional":true},"operator":{"type":"string","description":"Currently only EQUALS is supported. You can reverse it by setting **negate** to `true`","description_kind":"plain","required":true},"type":{"type":"string","description":"if specified, needs to be ENTITY_ID","description_kind":"plain","deprecated":true,"optional":true},"unknowns":{"type":"string","description":"Any attributes that aren't yet supported by this provider but have meanwhile gotten introduced by a newer version of the Dynatrace REST API","description_kind":"plain","optional":true},"value":{"type":"string","description":"The value to compare to","description_kind":"plain","optional":true}},"description":"Comparison for `ENTITY_ID` attributes","description_kind":"plain","deprecated":true}},"host_tech":{"nesting_mode":"list","block":{"attributes":{"negate":{"type":"bool","description":"Reverses the operator. For example it turns the **begins with** into **does not begin with**","description_kind":"plain","optional":true},"operator":{"type":"string","description":"Operator of the comparison. Possible values are EQUALS and EXISTS. You can reverse it by setting **negate** to `true`","description_kind":"plain","required":true},"unknowns":{"type":"string","description":"Any attributes that aren't yet supported by this provider","description_kind":"plain","optional":true}},"block_types":{"value":{"nesting_mode":"list","block":{"attributes":{"type":{"type":"string","description":"Predefined technology, if technology is not predefined, then the verbatim type must be set. Possible values are APPARMOR, BOSH, BOSHBPM, CLOUDFOUNDRY, CONTAINERD, CRIO, DIEGO_CELL, DOCKER, GARDEN, GRSECURITY, KUBERNETES, OPENSHIFT, OPENSTACK_COMPUTE, OPENSTACK_CONTROLLER and SELINUX","description_kind":"plain","optional":true},"unknowns":{"type":"string","description":"Any attributes that aren't yet supported by this provider","description_kind":"plain","optional":true},"verbatim_type":{"type":"string","description":"Non-predefined technology, use for custom technologies","description_kind":"plain","optional":true}},"description":"The value to compare to","description_kind":"plain"},"max_items":1}},"description":"Comparison for `SIMPLE_HOST_TECH` attributes","description_kind":"plain"}},"hypervisor":{"nesting_mode":"list","block":{"attributes":{"negate":{"type":"bool","description":"Reverses the operator. For example it turns EQUALS into DOES NOT EQUAL","description_kind":"plain","optional":true},"operator":{"type":"string","description":"Either EQUALS or EXISTS. You can reverse it by setting **negate** to `true`","description_kind":"plain","required":true},"unknowns":{"type":"string","description":"Any attributes that aren't yet supported by this provider but have meanwhile gotten introduced by a newer version of the Dynatrace REST API","description_kind":"plain","optional":true},"value":{"type":"string","description":"The value to compare to. Possible values are AHV, HYPER_V, KVM, LPAR, QEMU, VIRTUAL_BOX, VMWARE, WPAR and XEN.","description_kind":"plain","optional":true}},"description":"Comparison for `HYPERVISOR_TYPE` attributes","description_kind":"plain"}},"hypervisor_type_comparision":{"nesting_mode":"list","block":{"attributes":{"negate":{"type":"bool","description":"Reverses the operator. For example it turns EQUALS into DOES NOT EQUAL","description_kind":"plain","optional":true},"operator":{"type":"string","description":"Either EQUALS or EXISTS. You can reverse it by setting **negate** to `true`","description_kind":"plain","required":true},"type":{"type":"string","description":"if specified, needs to be HYPERVISOR_TYPE","description_kind":"plain","deprecated":true,"optional":true},"unknowns":{"type":"string","description":"Any attributes that aren't yet supported by this provider but have meanwhile gotten introduced by a newer version of the Dynatrace REST API","description_kind":"plain","optional":true},"value":{"type":"string","description":"The value to compare to. Possible values are AHV, HYPER_V, KVM, LPAR, QEMU, VIRTUAL_BOX, VMWARE, WPAR and XEN.","description_kind":"plain","optional":true}},"description":"`hypervisor_type_comparision` is deprecated. Use `hypervisor` instead","description_kind":"plain","deprecated":true}},"indexed_name":{"nesting_mode":"list","block":{"attributes":{"negate":{"type":"bool","description":"Reverses the operator. For example it turns EQUALS into DOES NOT EQUAL","description_kind":"plain","optional":true},"operator":{"type":"string","description":"Either EQUALS, CONTAINS or EXISTS. You can reverse it by setting **negate** to `true`","description_kind":"plain","required":true},"unknowns":{"type":"string","description":"Any attributes that aren't yet supported by this provider but have meanwhile gotten introduced by a newer version of the Dynatrace REST API","description_kind":"plain","optional":true},"value":{"type":"string","description":"The value to compare to","description_kind":"plain","optional":true}},"description":"Comparison for `INDEXED_NAME` attributes","description_kind":"plain"}},"indexed_name_comparison":{"nesting_mode":"list","block":{"attributes":{"negate":{"type":"bool","description":"Reverses the operator. For example it turns EQUALS into DOES NOT EQUAL","description_kind":"plain","optional":true},"operator":{"type":"string","description":"Either EQUALS, CONTAINS or EXISTS. You can reverse it by setting **negate** to `true`","description_kind":"plain","required":true},"type":{"type":"string","description":"if specified, needs to be INDEXED_NAME","description_kind":"plain","deprecated":true,"optional":true},"unknowns":{"type":"string","description":"Any attributes that aren't yet supported by this provider but have meanwhile gotten introduced by a newer version of the Dynatrace REST API","description_kind":"plain","optional":true},"value":{"type":"string","description":"The value to compare to","description_kind":"plain","optional":true}},"description":"Comparison for `INDEXED_NAME` attributes","description_kind":"plain","deprecated":true}},"indexed_string":{"nesting_mode":"list","block":{"attributes":{"negate":{"type":"bool","description":"Reverses the operator. For example it turns EQUALS into DOES NOT EQUAL","description_kind":"plain","optional":true},"operator":{"type":"string","description":"Either EQUALS or EXISTS. You can reverse it by setting **negate** to `true`","description_kind":"plain","required":true},"unknowns":{"type":"string","description":"Any attributes that aren't yet supported by this provider but have meanwhile gotten introduced by a newer version of the Dynatrace REST API","description_kind":"plain","optional":true},"value":{"type":"string","description":"The value to compare to","description_kind":"plain","optional":true}},"description":"Comparison for `INDEXED_STRING` attributes","description_kind":"plain"}},"indexed_string_comparison":{"nesting_mode":"list","block":{"attributes":{"negate":{"type":"bool","description":"Reverses the operator. For example it turns EQUALS into DOES NOT EQUAL","description_kind":"plain","optional":true},"operator":{"type":"string","description":"Either EQUALS or EXISTS. You can reverse it by setting **negate** to `true`","description_kind":"plain","required":true},"type":{"type":"string","description":"if specified, needs to be INDEXED_STRING","description_kind":"plain","deprecated":true,"optional":true},"unknowns":{"type":"string","description":"Any attributes that aren't yet supported by this provider but have meanwhile gotten introduced by a newer version of the Dynatrace REST API","description_kind":"plain","optional":true},"value":{"type":"string","description":"The value to compare to","description_kind":"plain","optional":true}},"description":"Comparison for `INDEXED_STRING` attributes","description_kind":"plain","deprecated":true}},"indexed_tag":{"nesting_mode":"list","block":{"attributes":{"negate":{"type":"bool","description":"Reverses the operator. For example it turns EQUALS into DOES NOT EQUAL","description_kind":"plain","optional":true},"operator":{"type":"string","description":"Either EQUALS or EXISTS. You can reverse it by setting **negate** to `true`","description_kind":"plain","required":true},"unknowns":{"type":"string","description":"Any attributes that aren't yet supported by this provider but have meanwhile gotten introduced by a newer version of the Dynatrace REST API","description_kind":"plain","optional":true}},"block_types":{"value":{"nesting_mode":"list","block":{"attributes":{"context":{"type":"string","description":"The origin of the tag, such as AWS or Cloud Foundry. Possible values are AWS, AWS_GENERIC, AZURE, CLOUD_FOUNDRY, CONTEXTLESS, ENVIRONMENT, GOOGLE_CLOUD and KUBERNETES. Custom tags use the `CONTEXTLESS` value","description_kind":"plain","required":true},"key":{"type":"string","description":"The key of the tag. Custom tags have the tag value here","description_kind":"plain","required":true},"unknowns":{"type":"string","description":"Any attributes that aren't yet supported by this provider but have meanwhile gotten introduced by a newer version of the Dynatrace REST API","description_kind":"plain","optional":true},"value":{"type":"string","description":"The value of the tag. Not applicable to custom tags","description_kind":"plain","optional":true}},"description":"Tag of a Dynatrace entity","description_kind":"plain"},"max_items":1}},"description":"Comparison for `INDEXED_TAG` attributes","description_kind":"plain"}},"indexed_tag_comparison":{"nesting_mode":"list","block":{"attributes":{"negate":{"type":"bool","description":"Reverses the operator. For example it turns EQUALS into DOES NOT EQUAL","description_kind":"plain","optional":true},"operator":{"type":"string","description":"Either EQUALS or EXISTS. You can reverse it by setting **negate** to `true`","description_kind":"plain","required":true},"type":{"type":"string","description":"if specified, needs to be INDEXED_TAG","description_kind":"plain","deprecated":true,"optional":true},"unknowns":{"type":"string","description":"Any attributes that aren't yet supported by this provider but have meanwhile gotten introduced by a newer version of the Dynatrace REST API","description_kind":"plain","optional":true}},"block_types":{"value":{"nesting_mode":"list","block":{"attributes":{"context":{"type":"string","description":"The origin of the tag, such as AWS or Cloud Foundry. Possible values are AWS, AWS_GENERIC, AZURE, CLOUD_FOUNDRY, CONTEXTLESS, ENVIRONMENT, GOOGLE_CLOUD and KUBERNETES. Custom tags use the `CONTEXTLESS` value","description_kind":"plain","required":true},"key":{"type":"string","description":"The key of the tag. Custom tags have the tag value here","description_kind":"plain","required":true},"unknowns":{"type":"string","description":"Any attributes that aren't yet supported by this provider but have meanwhile gotten introduced by a newer version of the Dynatrace REST API","description_kind":"plain","optional":true},"value":{"type":"string","description":"The value of the tag. Not applicable to custom tags","description_kind":"plain","optional":true}},"description":"Tag of a Dynatrace entity","description_kind":"plain"},"max_items":1}},"description":"Comparison for `INDEXED_TAG` attributes","description_kind":"plain","deprecated":true}},"integer":{"nesting_mode":"list","block":{"attributes":{"negate":{"type":"bool","description":"Reverses the operator. For example it turns the **begins with** into **does not begin with**","description_kind":"plain","optional":true},"operator":{"type":"string","description":"Operator of the comparison. Possible values are EQUALS, EXISTS, GREATER_THAN, GREATER_THAN_OR_EQUAL, LOWER_THAN and LOWER_THAN_OR_EQUAL. You can reverse it by setting **negate** to `true`","description_kind":"plain","required":true},"unknowns":{"type":"string","description":"Any attributes that aren't yet supported by this provider","description_kind":"plain","optional":true},"value":{"type":"number","description":"The value to compare to","description_kind":"plain","optional":true}},"description":"Comparison for `INTEGER` attributes","description_kind":"plain"}},"integer_comparison":{"nesting_mode":"list","block":{"attributes":{"negate":{"type":"bool","description":"Reverses the operator. For example it turns the **begins with** into **does not begin with**","description_kind":"plain","optional":true},"operator":{"type":"string","description":"Operator of the comparison. Possible values are EQUALS, EXISTS, GREATER_THAN, GREATER_THAN_OR_EQUAL, LOWER_THAN and LOWER_THAN_OR_EQUAL. You can reverse it by setting **negate** to `true`","description_kind":"plain","required":true},"type":{"type":"string","description":"if specified, needs to be INTEGER","description_kind":"plain","deprecated":true,"optional":true},"unknowns":{"type":"string","description":"Any attributes that aren't yet supported by this provider","description_kind":"plain","optional":true},"value":{"type":"number","description":"The value to compare to","description_kind":"plain","optional":true}},"description":"Comparison for `INTEGER` attributes","description_kind":"plain","deprecated":true}},"ipaddress":{"nesting_mode":"list","block":{"attributes":{"case_sensitive":{"type":"bool","description":" The comparison is case-sensitive (`true`) or insensitive (`false`)","description_kind":"plain","optional":true},"negate":{"type":"bool","description":"Reverses the operator. For example it turns the **begins with** into **does not begin with**","description_kind":"plain","optional":true},"operator":{"type":"string","description":"Operator of the comparison. Possible values are BEGINS_WITH, CONTAINS, ENDS_WITH, EQUALS, EXISTS, IS_IP_IN_RANGE and REGEX_MATCHES. You can reverse it by setting **negate** to `true`","description_kind":"plain","required":true},"unknowns":{"type":"string","description":"Any attributes that aren't yet supported by this provider","description_kind":"plain","optional":true},"value":{"type":"string","description":"The value to compare to","description_kind":"plain","optional":true}},"description":"Comparison for `IP_ADDRESS` attributes","description_kind":"plain"}},"ipaddress_comparison":{"nesting_mode":"list","block":{"attributes":{"case_sensitive":{"type":"bool","description":" The comparison is case-sensitive (`true`) or insensitive (`false`)","description_kind":"plain","optional":true},"negate":{"type":"bool","description":"Reverses the operator. For example it turns the **begins with** into **does not begin with**","description_kind":"plain","optional":true},"operator":{"type":"string","description":"Operator of the comparison. Possible values are BEGINS_WITH, CONTAINS, ENDS_WITH, EQUALS, EXISTS, IS_IP_IN_RANGE and REGEX_MATCHES. You can reverse it by setting **negate** to `true`","description_kind":"plain","required":true},"type":{"type":"string","description":"if specified, needs to be IP_ADDRESS","description_kind":"plain","deprecated":true,"optional":true},"unknowns":{"type":"string","description":"Any attributes that aren't yet supported by this provider","description_kind":"plain","optional":true},"value":{"type":"string","description":"The value to compare to","description_kind":"plain","optional":true}},"description":"Comparison for `IP_ADDRESS` attributes","description_kind":"plain","deprecated":true}},"key":{"nesting_mode":"list","block":{"attributes":{"attribute":{"type":"string","description":"The attribute to be used for comparision","description_kind":"plain","required":true},"type":{"type":"string","description":"Defines the actual set of fields depending on the value","description_kind":"plain","optional":true},"unknowns":{"type":"string","description":"Any attributes that aren't yet supported by this provider but have meanwhile gotten introduced by a newer version of the Dynatrace REST API","description_kind":"plain","optional":true}},"description":"Fallback for not yet known type","description_kind":"plain"}},"mobile_platform":{"nesting_mode":"list","block":{"attributes":{"negate":{"type":"bool","description":"Reverses the operator. For example it turns the **begins with** into **does not begin with**","description_kind":"plain","optional":true},"operator":{"type":"string","description":"Operator of the comparison. Possible values are EQUALS and EXISTS. You can reverse it by setting **negate** to `true`","description_kind":"plain","required":true},"unknowns":{"type":"string","description":"Any attributes that aren't yet supported by this provider","description_kind":"plain","optional":true},"value":{"type":"string","description":"The value to compare to. Possible values are ANDROID, IOS, LINUX, MAC_OS, OTHER, TVOS and WINDOWS.","description_kind":"plain","optional":true}},"description":"Comparison for `MOBILE_PLATFORM` attributes","description_kind":"plain"}},"mobile_platform_comparison":{"nesting_mode":"list","block":{"attributes":{"negate":{"type":"bool","description":"Reverses the operator. For example it turns the **begins with** into **does not begin with**","description_kind":"plain","optional":true},"operator":{"type":"string","description":"Operator of the comparison. Possible values are EQUALS and EXISTS. You can reverse it by setting **negate** to `true`","description_kind":"plain","required":true},"type":{"type":"string","description":"if specified, needs to be MOBILE_PLATFORM","description_kind":"plain","deprecated":true,"optional":true},"unknowns":{"type":"string","description":"Any attributes that aren't yet supported by this provider","description_kind":"plain","optional":true},"value":{"type":"string","description":"The value to compare to. Possible values are ANDROID, IOS, LINUX, MAC_OS, OTHER, TVOS and WINDOWS.","description_kind":"plain","optional":true}},"description":"Comparison for `MOBILE_PLATFORM` attributes","description_kind":"plain","deprecated":true}},"os_arch":{"nesting_mode":"list","block":{"attributes":{"negate":{"type":"bool","description":"Reverses the operator. For example it turns the **begins with** into **does not begin with**","description_kind":"plain","optional":true},"operator":{"type":"string","description":"Operator of the comparison. Possible values are EQUALS and EXISTS. You can reverse it by setting **negate** to `true`","description_kind":"plain","required":true},"unknowns":{"type":"string","description":"Any attributes that aren't yet supported by this provider","description_kind":"plain","optional":true},"value":{"type":"string","description":"The value to compare to. Possible values are ARM, IA64, PARISC, PPC, PPCLE, S390, SPARC, X86 and ZOS.","description_kind":"plain","optional":true}},"description":"Comparison for `OS_ARCHITECTURE` attributes","description_kind":"plain"}},"os_type":{"nesting_mode":"list","block":{"attributes":{"negate":{"type":"bool","description":"Reverses the operator. For example it turns the **begins with** into **does not begin with**","description_kind":"plain","optional":true},"operator":{"type":"string","description":"Operator of the comparison. Possible values are EQUALS and EXISTS. You can reverse it by setting **negate** to `true`","description_kind":"plain","required":true},"unknowns":{"type":"string","description":"Any attributes that aren't yet supported by this provider","description_kind":"plain","optional":true},"value":{"type":"string","description":"The value to compare to. Possible values are AIX, DARWIN, HPUX, LINUX, SOLARIS, WINDOWS and ZOS.","description_kind":"plain","optional":true}},"description":"Comparison for `OS_TYPE` attributes","description_kind":"plain"}},"osarchitecture_comparison":{"nesting_mode":"list","block":{"attributes":{"negate":{"type":"bool","description":"Reverses the operator. For example it turns the **begins with** into **does not begin with**","description_kind":"plain","optional":true},"operator":{"type":"string","description":"Operator of the comparison. Possible values are EQUALS and EXISTS. You can reverse it by setting **negate** to `true`","description_kind":"plain","required":true},"type":{"type":"string","description":"if specified, needs to be OS_ARCHITECTURE","description_kind":"plain","deprecated":true,"optional":true},"unknowns":{"type":"string","description":"Any attributes that aren't yet supported by this provider","description_kind":"plain","optional":true},"value":{"type":"string","description":"The value to compare to. Possible values are ARM, IA64, PARISC, PPC, PPCLE, S390, SPARC, X86 and ZOS.","description_kind":"plain","optional":true}},"description":"Comparison for `OS_ARCHITECTURE` attributes","description_kind":"plain","deprecated":true}},"ostype_comparison":{"nesting_mode":"list","block":{"attributes":{"negate":{"type":"bool","description":"Reverses the operator. For example it turns the **begins with** into **does not begin with**","description_kind":"plain","optional":true},"operator":{"type":"string","description":"Operator of the comparison. Possible values are EQUALS and EXISTS. You can reverse it by setting **negate** to `true`","description_kind":"plain","required":true},"type":{"type":"string","description":"if specified, needs to be OS_TYPE","description_kind":"plain","deprecated":true,"optional":true},"unknowns":{"type":"string","description":"Any attributes that aren't yet supported by this provider","description_kind":"plain","optional":true},"value":{"type":"string","description":"The value to compare to. Possible values are AIX, DARWIN, HPUX, LINUX, SOLARIS, WINDOWS and ZOS.","description_kind":"plain","optional":true}},"description":"Comparison for `OS_TYPE` attributes","description_kind":"plain","deprecated":true}},"paas_type":{"nesting_mode":"list","block":{"attributes":{"negate":{"type":"bool","description":"Reverses the operator. For example it turns the **begins with** into **does not begin with**","description_kind":"plain","optional":true},"operator":{"type":"string","description":"Operator of the comparison. Possible values are EQUALS and EXISTS. You can reverse it by setting **negate** to `true`","description_kind":"plain","required":true},"unknowns":{"type":"string","description":"Any attributes that aren't yet supported by this provider","description_kind":"plain","optional":true},"value":{"type":"string","description":"The value to compare to. Possible values are AWS_ECS_EC2, AWS_ECS_FARGATE, AWS_LAMBDA, AZURE_FUNCTIONS, AZURE_WEBSITES, CLOUD_FOUNDRY, GOOGLE_APP_ENGINE, HEROKU, KUBERNETES and OPENSHIFT.","description_kind":"plain","optional":true}},"description":"Comparison for `PAAS_TYPE` attributes","description_kind":"plain"}},"paas_type_comparison":{"nesting_mode":"list","block":{"attributes":{"negate":{"type":"bool","description":"Reverses the operator. For example it turns the **begins with** into **does not begin with**","description_kind":"plain","optional":true},"operator":{"type":"string","description":"Operator of the comparison. Possible values are EQUALS and EXISTS. You can reverse it by setting **negate** to `true`","description_kind":"plain","required":true},"type":{"type":"string","description":"if specified, needs to be PAAS_TYPE","description_kind":"plain","deprecated":true,"optional":true},"unknowns":{"type":"string","description":"Any attributes that aren't yet supported by this provider","description_kind":"plain","optional":true},"value":{"type":"string","description":"The value to compare to. Possible values are AWS_ECS_EC2, AWS_ECS_FARGATE, AWS_LAMBDA, AZURE_FUNCTIONS, AZURE_WEBSITES, CLOUD_FOUNDRY, GOOGLE_APP_ENGINE, HEROKU, KUBERNETES and OPENSHIFT.","description_kind":"plain","optional":true}},"description":"Comparison for `PAAS_TYPE` attributes","description_kind":"plain","deprecated":true}},"process_metadata":{"nesting_mode":"list","block":{"attributes":{"attribute":{"type":"string","description":"The attribute to be used for comparision","description_kind":"plain","required":true},"dynamic_key":{"type":"string","description":"The key of the attribute, which need dynamic keys. Not applicable otherwise, as the attibute itself acts as a key. Possible values are AMAZON_ECR_IMAGE_ACCOUNT_ID,AMAZON_ECR_IMAGE_REGION, AMAZON_LAMBDA_FUNCTION_NAME, AMAZON_REGION, APACHE_CONFIG_PATH, APACHE_SPARK_MASTER_IP_ADDRESS, ASP_DOT_NET_CORE_APPLICATION_PATH, AWS_ECS_CLUSTER, AWS_ECS_CONTAINERNAME, AWS_ECS_FAMILY, AWS_ECS_REVISION, CASSANDRA_CLUSTER_NAME, CATALINA_BASE, CATALINA_HOME, CLOUD_FOUNDRY_APP_ID, CLOUD_FOUNDRY_APP_NAME, CLOUD_FOUNDRY_INSTANCE_INDEX, CLOUD_FOUNDRY_SPACE_ID, CLOUD_FOUNDRY_SPACE_NAME, COLDFUSION_JVM_CONFIG_FILE, COLDFUSION_SERVICE_NAME, COMMAND_LINE_ARGS, DOTNET_COMMAND, DOTNET_COMMAND_PATH, DYNATRACE_CLUSTER_ID, DYNATRACE_NODE_ID, ELASTICSEARCH_CLUSTER_NAME, ELASTICSEARCH_NODE_NAME, EQUINOX_CONFIG_PATH, EXE_NAME, EXE_PATH, GLASS_FISH_DOMAIN_NAME, GLASS_FISH_INSTANCE_NAME, GOOGLE_APP_ENGINE_INSTANCE, GOOGLE_APP_ENGINE_SERVICE, GOOGLE_CLOUD_PROJECT, HYBRIS_BIN_DIRECTORY, HYBRIS_CONFIG_DIRECTORY, HYBRIS_DATA_DIRECTORY, IBM_CICS_REGION, IBM_CTG_NAME, IBM_IMS_CONNECT_REGION, IBM_IMS_CONTROL_REGION, IBM_IMS_MESSAGE_PROCESSING_REGION, IBM_IMS_SOAP_GW_NAME, IBM_INTEGRATION_NODE_NAME, IBM_INTEGRATION_SERVER_NAME, IIS_APP_POOL, IIS_ROLE_NAME, JAVA_JAR_FILE, JAVA_JAR_PATH, JAVA_MAIN_CLASS, JAVA_MAIN_MODULE, JBOSS_HOME, JBOSS_MODE, JBOSS_SERVER_NAME, KUBERNETES_BASE_POD_NAME, KUBERNETES_CONTAINER_NAME, KUBERNETES_FULL_POD_NAME, KUBERNETES_NAMESPACE, KUBERNETES_POD_UID, MSSQL_INSTANCE_NAME, NODE_JS_APP_BASE_DIRECTORY, NODE_JS_APP_NAME, NODE_JS_SCRIPT_NAME, ORACLE_SID, PG_ID_CALC_INPUT_KEY_LINKAGE, PHP_SCRIPT_PATH, PHP_WORKING_DIRECTORY, RUBY_APP_ROOT_PATH, RUBY_SCRIPT_PATH, RULE_RESULT, SOFTWAREAG_INSTALL_ROOT, SOFTWAREAG_PRODUCTPROPNAME, SPRINGBOOT_APP_NAME, SPRINGBOOT_PROFILE_NAME, SPRINGBOOT_STARTUP_CLASS, TIBCO_BUSINESSWORKS_CE_APP_NAME, TIBCO_BUSINESSWORKS_CE_VERSION, TIBCO_BUSINESS_WORKS_APP_NODE_NAME, TIBCO_BUSINESS_WORKS_APP_SPACE_NAME, TIBCO_BUSINESS_WORKS_DOMAIN_NAME, TIBCO_BUSINESS_WORKS_ENGINE_PROPERTY_FILE, TIBCO_BUSINESS_WORKS_ENGINE_PROPERTY_FILE_PATH, TIBCO_BUSINESS_WORKS_HOME, VARNISH_INSTANCE_NAME, WEB_LOGIC_CLUSTER_NAME, WEB_LOGIC_DOMAIN_NAME, WEB_LOGIC_HOME, WEB_LOGIC_NAME, WEB_SPHERE_CELL_NAME, WEB_SPHERE_CLUSTER_NAME, WEB_SPHERE_NODE_NAME and WEB_SPHERE_SERVER_NAME","description_kind":"plain","required":true},"unknowns":{"type":"string","description":"Any attributes that aren't yet supported by this provider but have meanwhile gotten introduced by a newer version of the Dynatrace REST API","description_kind":"plain","optional":true}},"description":"The key for dynamic attributes of the `PROCESS_PREDEFINED_METADATA_KEY` type","description_kind":"plain"}},"process_metadata_condition_key":{"nesting_mode":"list","block":{"attributes":{"attribute":{"type":"string","description":"The attribute to be used for comparision","description_kind":"plain","required":true},"dynamic_key":{"type":"string","description":"The key of the attribute, which need dynamic keys. Not applicable otherwise, as the attibute itself acts as a key. Possible values are AMAZON_ECR_IMAGE_ACCOUNT_ID,AMAZON_ECR_IMAGE_REGION, AMAZON_LAMBDA_FUNCTION_NAME, AMAZON_REGION, APACHE_CONFIG_PATH, APACHE_SPARK_MASTER_IP_ADDRESS, ASP_DOT_NET_CORE_APPLICATION_PATH, AWS_ECS_CLUSTER, AWS_ECS_CONTAINERNAME, AWS_ECS_FAMILY, AWS_ECS_REVISION, CASSANDRA_CLUSTER_NAME, CATALINA_BASE, CATALINA_HOME, CLOUD_FOUNDRY_APP_ID, CLOUD_FOUNDRY_APP_NAME, CLOUD_FOUNDRY_INSTANCE_INDEX, CLOUD_FOUNDRY_SPACE_ID, CLOUD_FOUNDRY_SPACE_NAME, COLDFUSION_JVM_CONFIG_FILE, COLDFUSION_SERVICE_NAME, COMMAND_LINE_ARGS, DOTNET_COMMAND, DOTNET_COMMAND_PATH, DYNATRACE_CLUSTER_ID, DYNATRACE_NODE_ID, ELASTICSEARCH_CLUSTER_NAME, ELASTICSEARCH_NODE_NAME, EQUINOX_CONFIG_PATH, EXE_NAME, EXE_PATH, GLASS_FISH_DOMAIN_NAME, GLASS_FISH_INSTANCE_NAME, GOOGLE_APP_ENGINE_INSTANCE, GOOGLE_APP_ENGINE_SERVICE, GOOGLE_CLOUD_PROJECT, HYBRIS_BIN_DIRECTORY, HYBRIS_CONFIG_DIRECTORY, HYBRIS_DATA_DIRECTORY, IBM_CICS_REGION, IBM_CTG_NAME, IBM_IMS_CONNECT_REGION, IBM_IMS_CONTROL_REGION, IBM_IMS_MESSAGE_PROCESSING_REGION, IBM_IMS_SOAP_GW_NAME, IBM_INTEGRATION_NODE_NAME, IBM_INTEGRATION_SERVER_NAME, IIS_APP_POOL, IIS_ROLE_NAME, JAVA_JAR_FILE, JAVA_JAR_PATH, JAVA_MAIN_CLASS, JAVA_MAIN_MODULE, JBOSS_HOME, JBOSS_MODE, JBOSS_SERVER_NAME, KUBERNETES_BASE_POD_NAME, KUBERNETES_CONTAINER_NAME, KUBERNETES_FULL_POD_NAME, KUBERNETES_NAMESPACE, KUBERNETES_POD_UID, MSSQL_INSTANCE_NAME, NODE_JS_APP_BASE_DIRECTORY, NODE_JS_APP_NAME, NODE_JS_SCRIPT_NAME, ORACLE_SID, PG_ID_CALC_INPUT_KEY_LINKAGE, PHP_SCRIPT_PATH, PHP_WORKING_DIRECTORY, RUBY_APP_ROOT_PATH, RUBY_SCRIPT_PATH, RULE_RESULT, SOFTWAREAG_INSTALL_ROOT, SOFTWAREAG_PRODUCTPROPNAME, SPRINGBOOT_APP_NAME, SPRINGBOOT_PROFILE_NAME, SPRINGBOOT_STARTUP_CLASS, TIBCO_BUSINESSWORKS_CE_APP_NAME, TIBCO_BUSINESSWORKS_CE_VERSION, TIBCO_BUSINESS_WORKS_APP_NODE_NAME, TIBCO_BUSINESS_WORKS_APP_SPACE_NAME, TIBCO_BUSINESS_WORKS_DOMAIN_NAME, TIBCO_BUSINESS_WORKS_ENGINE_PROPERTY_FILE, TIBCO_BUSINESS_WORKS_ENGINE_PROPERTY_FILE_PATH, TIBCO_BUSINESS_WORKS_HOME, VARNISH_INSTANCE_NAME, WEB_LOGIC_CLUSTER_NAME, WEB_LOGIC_DOMAIN_NAME, WEB_LOGIC_HOME, WEB_LOGIC_NAME, WEB_SPHERE_CELL_NAME, WEB_SPHERE_CLUSTER_NAME, WEB_SPHERE_NODE_NAME and WEB_SPHERE_SERVER_NAME","description_kind":"plain","required":true},"type":{"type":"string","description":"if specified, needs to be PROCESS_PREDEFINED_METADATA_KEY","description_kind":"plain","deprecated":true,"optional":true},"unknowns":{"type":"string","description":"Any attributes that aren't yet supported by this provider but have meanwhile gotten introduced by a newer version of the Dynatrace REST API","description_kind":"plain","optional":true}},"description":"The key for dynamic attributes of the `PROCESS_PREDEFINED_METADATA_KEY` type","description_kind":"plain","deprecated":true}},"service_topology":{"nesting_mode":"list","block":{"attributes":{"negate":{"type":"bool","description":"Reverses the operator. For example it turns the **begins with** into **does not begin with**","description_kind":"plain","optional":true},"operator":{"type":"string","description":"Operator of the comparison. Possible values are EQUALS and EXISTS. You can reverse it by setting **negate** to `true`","description_kind":"plain","required":true},"unknowns":{"type":"string","description":"Any attributes that aren't yet supported by this provider","description_kind":"plain","optional":true},"value":{"type":"string","description":"The value to compare to. Possible values are EXTERNAL_SERVICE, FULLY_MONITORED and OPAQUE_SERVICE.","description_kind":"plain","optional":true}},"description":"Comparison for `SERVICE_TOPOLOGY` attributes","description_kind":"plain"}},"service_topology_comparison":{"nesting_mode":"list","block":{"attributes":{"negate":{"type":"bool","description":"Reverses the operator. For example it turns the **begins with** into **does not begin with**","description_kind":"plain","optional":true},"operator":{"type":"string","description":"Operator of the comparison. Possible values are EQUALS and EXISTS. You can reverse it by setting **negate** to `true`","description_kind":"plain","required":true},"type":{"type":"string","description":"if specified, needs to be SERVICE_TOPOLOGY","description_kind":"plain","deprecated":true,"optional":true},"unknowns":{"type":"string","description":"Any attributes that aren't yet supported by this provider","description_kind":"plain","optional":true},"value":{"type":"string","description":"The value to compare to. Possible values are EXTERNAL_SERVICE, FULLY_MONITORED and OPAQUE_SERVICE.","description_kind":"plain","optional":true}},"description":"Comparison for `SERVICE_TOPOLOGY` attributes","description_kind":"plain","deprecated":true}},"service_type":{"nesting_mode":"list","block":{"attributes":{"negate":{"type":"bool","description":"Reverses the operator. For example it turns the **begins with** into **does not begin with**","description_kind":"plain","optional":true},"operator":{"type":"string","description":"Operator of the comparison. Possible values are EQUALS and EXISTS. You can reverse it by setting **negate** to `true`","description_kind":"plain","required":true},"unknowns":{"type":"string","description":"Any attributes that aren't yet supported by this provider","description_kind":"plain","optional":true},"value":{"type":"string","description":"The value to compare to. Possible values are BACKGROUND_ACTIVITY, CICS_SERVICE, CUSTOM_SERVICE, DATABASE_SERVICE, ENTERPRISE_SERVICE_BUS_SERVICE, EXTERNAL, IBM_INTEGRATION_BUS_SERVICE, IMS_SERVICE, MESSAGING_SERVICE, QUEUE_LISTENER_SERVICE, RMI_SERVICE, RPC_SERVICE, WEB_REQUEST_SERVICE and WEB_SERVICE.","description_kind":"plain","optional":true}},"description":"Comparison for `SERVICE_TYPE` attributes","description_kind":"plain"}},"service_type_comparison":{"nesting_mode":"list","block":{"attributes":{"negate":{"type":"bool","description":"Reverses the operator. For example it turns the **begins with** into **does not begin with**","description_kind":"plain","optional":true},"operator":{"type":"string","description":"Operator of the comparison. Possible values are EQUALS and EXISTS. You can reverse it by setting **negate** to `true`","description_kind":"plain","required":true},"type":{"type":"string","description":"if specified, needs to be SERVICE_TYPE","description_kind":"plain","deprecated":true,"optional":true},"unknowns":{"type":"string","description":"Any attributes that aren't yet supported by this provider","description_kind":"plain","optional":true},"value":{"type":"string","description":"The value to compare to. Possible values are BACKGROUND_ACTIVITY, CICS_SERVICE, CUSTOM_SERVICE, DATABASE_SERVICE, ENTERPRISE_SERVICE_BUS_SERVICE, EXTERNAL, IBM_INTEGRATION_BUS_SERVICE, IMS_SERVICE, MESSAGING_SERVICE, QUEUE_LISTENER_SERVICE, RMI_SERVICE, RPC_SERVICE, WEB_REQUEST_SERVICE and WEB_SERVICE.","description_kind":"plain","optional":true}},"description":"Comparison for `SERVICE_TYPE` attributes","description_kind":"plain","deprecated":true}},"simple_host_tech_comparison":{"nesting_mode":"list","block":{"attributes":{"negate":{"type":"bool","description":"Reverses the operator. For example it turns the **begins with** into **does not begin with**","description_kind":"plain","optional":true},"operator":{"type":"string","description":"Operator of the comparison. Possible values are EQUALS and EXISTS. You can reverse it by setting **negate** to `true`","description_kind":"plain","required":true},"type":{"type":"string","description":"if specified, needs to be SIMPLE_HOST_TECH","description_kind":"plain","deprecated":true,"optional":true},"unknowns":{"type":"string","description":"Any attributes that aren't yet supported by this provider","description_kind":"plain","optional":true}},"block_types":{"value":{"nesting_mode":"list","block":{"attributes":{"type":{"type":"string","description":"Predefined technology, if technology is not predefined, then the verbatim type must be set. Possible values are APPARMOR, BOSH, BOSHBPM, CLOUDFOUNDRY, CONTAINERD, CRIO, DIEGO_CELL, DOCKER, GARDEN, GRSECURITY, KUBERNETES, OPENSHIFT, OPENSTACK_COMPUTE, OPENSTACK_CONTROLLER and SELINUX","description_kind":"plain","optional":true},"unknowns":{"type":"string","description":"Any attributes that aren't yet supported by this provider","description_kind":"plain","optional":true},"verbatim_type":{"type":"string","description":"Non-predefined technology, use for custom technologies","description_kind":"plain","optional":true}},"description":"The value to compare to","description_kind":"plain"},"max_items":1}},"description":"Comparison for `SIMPLE_HOST_TECH` attributes","description_kind":"plain","deprecated":true}},"simple_tech_comparison":{"nesting_mode":"list","block":{"attributes":{"negate":{"type":"bool","description":"Reverses the operator. For example it turns the **begins with** into **does not begin with**","description_kind":"plain","optional":true},"operator":{"type":"string","description":"Operator of the comparison. Possible values are EQUALS and EXISTS. You can reverse it by setting **negate** to `true`","description_kind":"plain","required":true},"type":{"type":"string","description":"if specified, needs to be SIMPLE_TECH","description_kind":"plain","deprecated":true,"optional":true},"unknowns":{"type":"string","description":"Any attributes that aren't yet supported by this provider","description_kind":"plain","optional":true}},"block_types":{"value":{"nesting_mode":"list","block":{"attributes":{"type":{"type":"string","description":"Predefined technology, if technology is not predefined, then the verbatim type must be set.","description_kind":"plain","optional":true},"unknowns":{"type":"string","description":"Any attributes that aren't yet supported by this provider","description_kind":"plain","optional":true},"verbatim_type":{"type":"string","description":"Non-predefined technology, use for custom technologies","description_kind":"plain","optional":true}},"description":"The value to compare to","description_kind":"plain"},"max_items":1}},"description":"Comparison for `SIMPLE_TECH` attributes","description_kind":"plain","deprecated":true}},"string":{"nesting_mode":"list","block":{"attributes":{"case_sensitive":{"type":"bool","description":"The comparison is case-sensitive (`true`) or insensitive (`false`)","description_kind":"plain","optional":true},"negate":{"type":"bool","description":"Reverses the operator. For example it turns the **begins with** into **does not begin with**","description_kind":"plain","optional":true},"operator":{"type":"string","description":"Operator of the comparison. Possible values are BEGINS_WITH, CONTAINS, ENDS_WITH, EQUALS, EXISTS and REGEX_MATCHES. You can reverse it by setting **negate** to `true`","description_kind":"plain","required":true},"unknowns":{"type":"string","description":"Any attributes that aren't yet supported by this provider","description_kind":"plain","optional":true},"value":{"type":"string","description":"The value to compare to","description_kind":"plain","optional":true}},"description":"Comparison for `STRING` attributes","description_kind":"plain"}},"string_comparison":{"nesting_mode":"list","block":{"attributes":{"case_sensitive":{"type":"bool","description":"The comparison is case-sensitive (`true`) or insensitive (`false`)","description_kind":"plain","optional":true},"negate":{"type":"bool","description":"Reverses the operator. For example it turns the **begins with** into **does not begin with**","description_kind":"plain","optional":true},"operator":{"type":"string","description":"Operator of the comparison. Possible values are BEGINS_WITH, CONTAINS, ENDS_WITH, EQUALS, EXISTS and REGEX_MATCHES. You can reverse it by setting **negate** to `true`","description_kind":"plain","required":true},"type":{"type":"string","description":"if specified, needs to be STRING","description_kind":"plain","deprecated":true,"optional":true},"unknowns":{"type":"string","description":"Any attributes that aren't yet supported by this provider","description_kind":"plain","optional":true},"value":{"type":"string","description":"The value to compare to","description_kind":"plain","optional":true}},"description":"Comparison for `STRING` attributes","description_kind":"plain","deprecated":true}},"string_condition_key":{"nesting_mode":"list","block":{"attributes":{"attribute":{"type":"string","description":"The attribute to be used for comparision","description_kind":"plain","required":true},"dynamic_key":{"type":"string","description":"The key of the attribute, which need dynamic keys. Not applicable otherwise, as the attibute itself acts as a key. Possible values are\n   - `AMAZON_ECR_IMAGE_ACCOUNT_ID`\n   - `AMAZON_ECR_IMAGE_REGION`\n   - `AMAZON_LAMBDA_FUNCTION_NAME`\n   - `AMAZON_REGION`\n   - `APACHE_CONFIG_PATH`\n   - `APACHE_SPARK_MASTER_IP_ADDRESS`\n   - `ASP_DOT_NET_CORE_APPLICATION_PATH`\n   - `AWS_ECS_CLUSTER`\n   - `AWS_ECS_CONTAINERNAME`\n   - `AWS_ECS_FAMILY`\n   - `AWS_ECS_REVISION`\n   - `CASSANDRA_CLUSTER_NAME`\n   - `CATALINA_BASE`\n   - `CATALINA_HOME`\n   - `CLOUD_FOUNDRY_APP_ID`\n   - `CLOUD_FOUNDRY_APP_NAME`\n   - `CLOUD_FOUNDRY_INSTANCE_INDEX`\n   - `CLOUD_FOUNDRY_SPACE_ID`\n   - `CLOUD_FOUNDRY_SPACE_NAME`\n   - `COLDFUSION_JVM_CONFIG_FILE`\n   - `COLDFUSION_SERVICE_NAME`\n   - `COMMAND_LINE_ARGS`\n   - `DOTNET_COMMAND`\n   - `DOTNET_COMMAND_PATH`\n   - `DYNATRACE_CLUSTER_ID`\n   - `DYNATRACE_NODE_ID`\n   - `ELASTICSEARCH_CLUSTER_NAME`\n   - `ELASTICSEARCH_NODE_NAME`\n   - `EQUINOX_CONFIG_PATH`\n   - `EXE_NAME`\n   - `EXE_PATH`\n   - `GLASS_FISH_DOMAIN_NAME`\n   - `GLASS_FISH_INSTANCE_NAME`\n   - `GOOGLE_APP_ENGINE_INSTANCE`\n   - `GOOGLE_APP_ENGINE_SERVICE`\n   - `GOOGLE_CLOUD_PROJECT`\n   - `HYBRIS_BIN_DIRECTORY`\n   - `HYBRIS_CONFIG_DIRECTORY`\n   - `HYBRIS_DATA_DIRECTORY`\n   - `IBM_CICS_REGION`\n   - `IBM_CTG_NAME`\n   - `IBM_IMS_CONNECT_REGION`\n   - `IBM_IMS_CONTROL_REGION`\n   - `IBM_IMS_MESSAGE_PROCESSING_REGION`\n   - `IBM_IMS_SOAP_GW_NAME`\n   - `IBM_INTEGRATION_NODE_NAME`\n   - `IBM_INTEGRATION_SERVER_NAME`\n   - `IIS_APP_POOL`\n   - `IIS_ROLE_NAME`\n   - `JAVA_JAR_FILE`\n   - `JAVA_JAR_PATH`\n   - `JAVA_MAIN_CLASS`\n   - `JAVA_MAIN_MODULE`\n   - `JBOSS_HOME`\n   - `JBOSS_MODE`\n   - `JBOSS_SERVER_NAME`\n   - `KUBERNETES_BASE_POD_NAME`\n   - `KUBERNETES_CONTAINER_NAME`\n   - `KUBERNETES_FULL_POD_NAME`\n   - `KUBERNETES_NAMESPACE`\n   - `KUBERNETES_POD_UID`\n   - `MSSQL_INSTANCE_NAME`\n   - `NODE_JS_APP_BASE_DIRECTORY`\n   - `NODE_JS_APP_NAME`\n   - `NODE_JS_SCRIPT_NAME`\n   - `ORACLE_SID`\n   - `PG_ID_CALC_INPUT_KEY_LINKAGE`\n   - `PHP_SCRIPT_PATH`\n   - `PHP_WORKING_DIRECTORY`\n   - `RUBY_APP_ROOT_PATH`\n   - `RUBY_SCRIPT_PATH`\n   - `RULE_RESULT`\n   - `SOFTWAREAG_INSTALL_ROOT`\n   - `SOFTWAREAG_PRODUCTPROPNAME`\n   - `SPRINGBOOT_APP_NAME`\n   - `SPRINGBOOT_PROFILE_NAME`\n   - `SPRINGBOOT_STARTUP_CLASS`\n   - `TIBCO_BUSINESSWORKS_CE_APP_NAME`\n   - `TIBCO_BUSINESSWORKS_CE_VERSION`\n   - `TIBCO_BUSINESS_WORKS_APP_NODE_NAME`\n   - `TIBCO_BUSINESS_WORKS_APP_SPACE_NAME`\n   - `TIBCO_BUSINESS_WORKS_DOMAIN_NAME`\n   - `TIBCO_BUSINESS_WORKS_ENGINE_PROPERTY_FILE`\n   - `TIBCO_BUSINESS_WORKS_ENGINE_PROPERTY_FILE_PATH`\n   - `TIBCO_BUSINESS_WORKS_HOME`\n   - `VARNISH_INSTANCE_NAME`\n   - `WEB_LOGIC_CLUSTER_NAME`\n   - `WEB_LOGIC_DOMAIN_NAME`\n   - `WEB_LOGIC_HOME`\n   - `WEB_LOGIC_NAME`\n   - `WEB_SPHERE_CELL_NAME`\n   - `WEB_SPHERE_CLUSTER_NAME`\n   - `WEB_SPHERE_NODE_NAME and WEB_SPHERE_SERVER_NAME`","description_kind":"plain","required":true},"type":{"type":"string","description":"if specified, needs to be `STRING`","description_kind":"plain","deprecated":true,"optional":true},"unknowns":{"type":"string","description":"Any attributes that aren't yet supported by this provider but have meanwhile gotten introduced by a newer version of the Dynatrace REST API","description_kind":"plain","optional":true}},"description":" The key for dynamic attributes of the `STRING` type","description_kind":"plain","deprecated":true}},"string_key":{"nesting_mode":"list","block":{"attributes":{"attribute":{"type":"string","description":"The attribute to be used for comparision","description_kind":"plain","required":true},"dynamic_key":{"type":"string","description":"The key of the attribute, which need dynamic keys. Not applicable otherwise, as the attibute itself acts as a key. Possible values are\n   - `AMAZON_ECR_IMAGE_ACCOUNT_ID`\n   - `AMAZON_ECR_IMAGE_REGION`\n   - `AMAZON_LAMBDA_FUNCTION_NAME`\n   - `AMAZON_REGION`\n   - `APACHE_CONFIG_PATH`\n   - `APACHE_SPARK_MASTER_IP_ADDRESS`\n   - `ASP_DOT_NET_CORE_APPLICATION_PATH`\n   - `AWS_ECS_CLUSTER`\n   - `AWS_ECS_CONTAINERNAME`\n   - `AWS_ECS_FAMILY`\n   - `AWS_ECS_REVISION`\n   - `CASSANDRA_CLUSTER_NAME`\n   - `CATALINA_BASE`\n   - `CATALINA_HOME`\n   - `CLOUD_FOUNDRY_APP_ID`\n   - `CLOUD_FOUNDRY_APP_NAME`\n   - `CLOUD_FOUNDRY_INSTANCE_INDEX`\n   - `CLOUD_FOUNDRY_SPACE_ID`\n   - `CLOUD_FOUNDRY_SPACE_NAME`\n   - `COLDFUSION_JVM_CONFIG_FILE`\n   - `COLDFUSION_SERVICE_NAME`\n   - `COMMAND_LINE_ARGS`\n   - `DOTNET_COMMAND`\n   - `DOTNET_COMMAND_PATH`\n   - `DYNATRACE_CLUSTER_ID`\n   - `DYNATRACE_NODE_ID`\n   - `ELASTICSEARCH_CLUSTER_NAME`\n   - `ELASTICSEARCH_NODE_NAME`\n   - `EQUINOX_CONFIG_PATH`\n   - `EXE_NAME`\n   - `EXE_PATH`\n   - `GLASS_FISH_DOMAIN_NAME`\n   - `GLASS_FISH_INSTANCE_NAME`\n   - `GOOGLE_APP_ENGINE_INSTANCE`\n   - `GOOGLE_APP_ENGINE_SERVICE`\n   - `GOOGLE_CLOUD_PROJECT`\n   - `HYBRIS_BIN_DIRECTORY`\n   - `HYBRIS_CONFIG_DIRECTORY`\n   - `HYBRIS_DATA_DIRECTORY`\n   - `IBM_CICS_REGION`\n   - `IBM_CTG_NAME`\n   - `IBM_IMS_CONNECT_REGION`\n   - `IBM_IMS_CONTROL_REGION`\n   - `IBM_IMS_MESSAGE_PROCESSING_REGION`\n   - `IBM_IMS_SOAP_GW_NAME`\n   - `IBM_INTEGRATION_NODE_NAME`\n   - `IBM_INTEGRATION_SERVER_NAME`\n   - `IIS_APP_POOL`\n   - `IIS_ROLE_NAME`\n   - `JAVA_JAR_FILE`\n   - `JAVA_JAR_PATH`\n   - `JAVA_MAIN_CLASS`\n   - `JAVA_MAIN_MODULE`\n   - `JBOSS_HOME`\n   - `JBOSS_MODE`\n   - `JBOSS_SERVER_NAME`\n   - `KUBERNETES_BASE_POD_NAME`\n   - `KUBERNETES_CONTAINER_NAME`\n   - `KUBERNETES_FULL_POD_NAME`\n   - `KUBERNETES_NAMESPACE`\n   - `KUBERNETES_POD_UID`\n   - `MSSQL_INSTANCE_NAME`\n   - `NODE_JS_APP_BASE_DIRECTORY`\n   - `NODE_JS_APP_NAME`\n   - `NODE_JS_SCRIPT_NAME`\n   - `ORACLE_SID`\n   - `PG_ID_CALC_INPUT_KEY_LINKAGE`\n   - `PHP_SCRIPT_PATH`\n   - `PHP_WORKING_DIRECTORY`\n   - `RUBY_APP_ROOT_PATH`\n   - `RUBY_SCRIPT_PATH`\n   - `RULE_RESULT`\n   - `SOFTWAREAG_INSTALL_ROOT`\n   - `SOFTWAREAG_PRODUCTPROPNAME`\n   - `SPRINGBOOT_APP_NAME`\n   - `SPRINGBOOT_PROFILE_NAME`\n   - `SPRINGBOOT_STARTUP_CLASS`\n   - `TIBCO_BUSINESSWORKS_CE_APP_NAME`\n   - `TIBCO_BUSINESSWORKS_CE_VERSION`\n   - `TIBCO_BUSINESS_WORKS_APP_NODE_NAME`\n   - `TIBCO_BUSINESS_WORKS_APP_SPACE_NAME`\n   - `TIBCO_BUSINESS_WORKS_DOMAIN_NAME`\n   - `TIBCO_BUSINESS_WORKS_ENGINE_PROPERTY_FILE`\n   - `TIBCO_BUSINESS_WORKS_ENGINE_PROPERTY_FILE_PATH`\n   - `TIBCO_BUSINESS_WORKS_HOME`\n   - `VARNISH_INSTANCE_NAME`\n   - `WEB_LOGIC_CLUSTER_NAME`\n   - `WEB_LOGIC_DOMAIN_NAME`\n   - `WEB_LOGIC_HOME`\n   - `WEB_LOGIC_NAME`\n   - `WEB_SPHERE_CELL_NAME`\n   - `WEB_SPHERE_CLUSTER_NAME`\n   - `WEB_SPHERE_NODE_NAME and WEB_SPHERE_SERVER_NAME`","description_kind":"plain","required":true},"unknowns":{"type":"string","description":"Any attributes that aren't yet supported by this provider but have meanwhile gotten introduced by a newer version of the Dynatrace REST API","description_kind":"plain","optional":true}},"description":" The key for dynamic attributes of the `STRING` type","description_kind":"plain"}},"synthetic_engine":{"nesting_mode":"list","block":{"attributes":{"negate":{"type":"bool","description":"Reverses the operator. For example it turns the **begins with** into **does not begin with**","description_kind":"plain","optional":true},"operator":{"type":"string","description":"Operator of the comparison. Possible values are  EQUALS and EXISTS. You can reverse it by setting **negate** to `true`","description_kind":"plain","required":true},"unknowns":{"type":"string","description":"Any attributes that aren't yet supported by this provider","description_kind":"plain","optional":true},"value":{"type":"string","description":"The value to compare to. Possible values are CLASSIC and CUSTOM","description_kind":"plain","optional":true}},"description":"Comparison for `SYNTHETIC_ENGINE_TYPE` attributes","description_kind":"plain"}},"synthetic_engine_type_comparison":{"nesting_mode":"list","block":{"attributes":{"negate":{"type":"bool","description":"Reverses the operator. For example it turns the **begins with** into **does not begin with**","description_kind":"plain","optional":true},"operator":{"type":"string","description":"Operator of the comparison. Possible values are  EQUALS and EXISTS. You can reverse it by setting **negate** to `true`","description_kind":"plain","required":true},"type":{"type":"string","description":"if specified, needs to be SYNTHETIC_ENGINE_TYPE","description_kind":"plain","deprecated":true,"optional":true},"unknowns":{"type":"string","description":"Any attributes that aren't yet supported by this provider","description_kind":"plain","optional":true},"value":{"type":"string","description":"The value to compare to. Possible values are CLASSIC and CUSTOM","description_kind":"plain","optional":true}},"description":"Comparison for `SYNTHETIC_ENGINE_TYPE` attributes","description_kind":"plain","deprecated":true}},"tag":{"nesting_mode":"list","block":{"attributes":{"negate":{"type":"bool","description":"Reverses the operator. For example it turns the **begins with** into **does not begin with**","description_kind":"plain","optional":true},"operator":{"type":"string","description":"Operator of the comparison. Possible values are EQUALS and TAG_KEY_EQUALS. You can reverse it by setting **negate** to `true`","description_kind":"plain","required":true},"unknowns":{"type":"string","description":"Any attributes that aren't yet supported by this provider","description_kind":"plain","optional":true}},"block_types":{"value":{"nesting_mode":"list","block":{"attributes":{"context":{"type":"string","description":"The origin of the tag, such as AWS or Cloud Foundry. Possible values are AWS, AWS_GENERIC, AZURE, CLOUD_FOUNDRY, CONTEXTLESS, ENVIRONMENT, GOOGLE_CLOUD and KUBERNETES. Custom tags use the `CONTEXTLESS` value","description_kind":"plain","required":true},"key":{"type":"string","description":"The key of the tag. Custom tags have the tag value here","description_kind":"plain","required":true},"unknowns":{"type":"string","description":"Any attributes that aren't yet supported by this provider but have meanwhile gotten introduced by a newer version of the Dynatrace REST API","description_kind":"plain","optional":true},"value":{"type":"string","description":"The value of the tag. Not applicable to custom tags","description_kind":"plain","optional":true}},"description":"Tag of a Dynatrace entity","description_kind":"plain"},"max_items":1}},"description":"Comparison for `TAG` attributes","description_kind":"plain"}},"tag_comparison":{"nesting_mode":"list","block":{"attributes":{"negate":{"type":"bool","description":"Reverses the operator. For example it turns the **begins with** into **does not begin with**","description_kind":"plain","optional":true},"operator":{"type":"string","description":"Operator of the comparison. Possible values are EQUALS and TAG_KEY_EQUALS. You can reverse it by setting **negate** to `true`","description_kind":"plain","required":true},"type":{"type":"string","description":"if specified, needs to be TAG","description_kind":"plain","deprecated":true,"optional":true},"unknowns":{"type":"string","description":"Any attributes that aren't yet supported by this provider","description_kind":"plain","optional":true}},"block_types":{"value":{"nesting_mode":"list","block":{"attributes":{"context":{"type":"string","description":"The origin of the tag, such as AWS or Cloud Foundry. Possible values are AWS, AWS_GENERIC, AZURE, CLOUD_FOUNDRY, CONTEXTLESS, ENVIRONMENT, GOOGLE_CLOUD and KUBERNETES. Custom tags use the `CONTEXTLESS` value","description_kind":"plain","required":true},"key":{"type":"string","description":"The key of the tag. Custom tags have the tag value here","description_kind":"plain","required":true},"unknowns":{"type":"string","description":"Any attributes that aren't yet supported by this provider but have meanwhile gotten introduced by a newer version of the Dynatrace REST API","description_kind":"plain","optional":true},"value":{"type":"string","description":"The value of the tag. Not applicable to custom tags","description_kind":"plain","optional":true}},"description":"Tag of a Dynatrace entity","description_kind":"plain"},"max_items":1}},"description":"Comparison for `TAG` attributes","description_kind":"plain","deprecated":true}},"tech":{"nesting_mode":"list","block":{"attributes":{"negate":{"type":"bool","description":"Reverses the operator. For example it turns the **begins with** into **does not begin with**","description_kind":"plain","optional":true},"operator":{"type":"string","description":"Operator of the comparison. Possible values are EQUALS and EXISTS. You can reverse it by setting **negate** to `true`","description_kind":"plain","required":true},"unknowns":{"type":"string","description":"Any attributes that aren't yet supported by this provider","description_kind":"plain","optional":true}},"block_types":{"value":{"nesting_mode":"list","block":{"attributes":{"type":{"type":"string","description":"Predefined technology, if technology is not predefined, then the verbatim type must be set.","description_kind":"plain","optional":true},"unknowns":{"type":"string","description":"Any attributes that aren't yet supported by this provider","description_kind":"plain","optional":true},"verbatim_type":{"type":"string","description":"Non-predefined technology, use for custom technologies","description_kind":"plain","optional":true}},"description":"The value to compare to","description_kind":"plain"},"max_items":1}},"description":"Comparison for `SIMPLE_TECH` attributes","description_kind":"plain"}}},"description":"A conditions for the metric usage","description_kind":"plain"}}},"description":"A list of matching conditions of the rule.  The rule applies only if **all** conditions are fulfilled","description_kind":"plain"}}},"description_kind":"plain"}},"dynatrace_http_monitor":{"version":0,"block":{"attributes":{"enabled":{"type":"bool","description":"The monitor is enabled (`true`) or disabled (`false`).","description_kind":"plain","optional":true},"frequency":{"type":"number","description":"The frequency of the monitor, in minutes.\n\nYou can use one of the following values: `5`, `10`, `15`, `30`, and `60`.","description_kind":"plain","required":true},"id":{"type":"string","description_kind":"plain","optional":true,"computed":true},"locations":{"type":["set","string"],"description":"A list of locations from which the monitor is executed.\n\nTo specify a location, use its entity ID.","description_kind":"plain","optional":true},"manually_assigned_apps":{"type":["set","string"],"description":"A set of manually assigned applications.","description_kind":"plain","optional":true},"name":{"type":"string","description":"The name of the monitor.","description_kind":"plain","required":true}},"block_types":{"anomaly_detection":{"nesting_mode":"list","block":{"block_types":{"loading_time_thresholds":{"nesting_mode":"list","block":{"attributes":{"enabled":{"type":"bool","description":"Performance threshold is enabled (`true`) or disabled (`false`)","description_kind":"plain","optional":true}},"block_types":{"thresholds":{"nesting_mode":"list","block":{"block_types":{"threshold":{"nesting_mode":"list","block":{"attributes":{"event_index":{"type":"number","description":"Specify the event to which an ACTION threshold applies","description_kind":"plain","optional":true},"request_index":{"type":"number","description":"Specify the request to which an ACTION threshold applies","description_kind":"plain","optional":true},"type":{"type":"string","description":"The type of the threshold: `TOTAL` (total loading time) or `ACTION` (action loading time)","description_kind":"plain","optional":true},"value_ms":{"type":"number","description":"Notify if monitor takes longer than *X* milliseconds to load","description_kind":"plain","required":true}},"description":"The list of performance threshold rules","description_kind":"plain"},"min_items":1}},"description":"The list of performance threshold rules","description_kind":"plain"}}},"description":"Thresholds for loading times","description_kind":"plain"}},"outage_handling":{"nesting_mode":"list","block":{"attributes":{"global_outage":{"type":"bool","description":"When enabled (`true`), generate a problem and send an alert when the monitor is unavailable at all configured locations","description_kind":"plain","optional":true},"local_outage":{"type":"bool","description":"When enabled (`true`), generate a problem and send an alert when the monitor is unavailable for one or more consecutive runs at any location","description_kind":"plain","optional":true},"retry_on_error":{"type":"bool","description":"Schedule retry if browser monitor execution results in a fail. For HTTP monitors this property is ignored","description_kind":"plain","optional":true}},"block_types":{"local_outage_policy":{"nesting_mode":"list","block":{"attributes":{"affected_locations":{"type":"number","description":"The number of affected locations to trigger an alert","description_kind":"plain","required":true},"consecutive_runs":{"type":"number","description":"The number of consecutive fails to trigger an alert","description_kind":"plain","required":true}},"description":"Local outage handling configuration. \n\n Alert if **affectedLocations** of locations are unable to access the web application **consecutiveRuns** times consecutively","description_kind":"plain"}}},"description":"Outage handling configuration","description_kind":"plain"}}},"description":"The anomaly detection configuration.","description_kind":"plain"}},"script":{"nesting_mode":"list","block":{"block_types":{"request":{"nesting_mode":"list","block":{"attributes":{"body":{"type":"string","description":"The body of the HTTP request.","description_kind":"plain","optional":true},"description":{"type":"string","description":"A short description of the event to appear in the web UI.","description_kind":"plain","optional":true},"method":{"type":"string","description":"The HTTP method of the request.","description_kind":"plain","required":true},"post_processing":{"type":"string","description":"Javascript code to execute after sending the request.","description_kind":"plain","optional":true},"pre_processing":{"type":"string","description":"Javascript code to execute before sending the request.","description_kind":"plain","optional":true},"url":{"type":"string","description":"The URL to check.","description_kind":"plain","required":true}},"block_types":{"configuration":{"nesting_mode":"list","block":{"attributes":{"accept_any_certificate":{"type":"bool","description":"If set to `false`, then the monitor fails with invalid SSL certificates.\n\nIf not set, the `false` option is used","description_kind":"plain","optional":true},"follow_redirects":{"type":"bool","description":"If set to `false`, redirects are reported as successful requests with response code 3xx.\n\nIf not set, the `false` option is used.","description_kind":"plain","optional":true},"user_agent":{"type":"string","description":"The User agent of the request","description_kind":"plain","optional":true}},"block_types":{"headers":{"nesting_mode":"list","block":{"block_types":{"header":{"nesting_mode":"list","block":{"attributes":{"name":{"type":"string","description":"The key of the header","description_kind":"plain","required":true},"value":{"type":"string","description":"The value of the header","description_kind":"plain","required":true}},"description":"contains an HTTP header of the request","description_kind":"plain"},"min_items":1}},"description":"The setup of the monitor","description_kind":"plain"},"max_items":1}},"description":"The setup of the monitor","description_kind":"plain"},"max_items":1},"validation":{"nesting_mode":"list","block":{"block_types":{"rule":{"nesting_mode":"list","block":{"attributes":{"pass_if_found":{"type":"bool","description":" The validation condition. `true` means validation succeeds if the specified content/element is found. `false` means validation fails if the specified content/element is found. Always specify `false` for `certificateExpiryDateConstraint` to fail the monitor if SSL certificate expiry is within the specified number of days","description_kind":"plain","optional":true},"type":{"type":"string","description":"The type of the rule. Possible values are `patternConstraint`, `regexConstraint`, `httpStatusesList` and `certificateExpiryDateConstraint`","description_kind":"plain","required":true},"value":{"type":"string","description":"The content to look for","description_kind":"plain","required":true}},"description":"A list of validation rules","description_kind":"plain"},"min_items":1}},"description":"Validation helps you verify that your HTTP monitor loads the expected content","description_kind":"plain"},"max_items":1}},"description":"A HTTP request to be performed by the monitor.","description_kind":"plain"},"min_items":1}},"description":"The HTTP Script","description_kind":"plain"},"max_items":1},"tags":{"nesting_mode":"list","block":{"block_types":{"tag":{"nesting_mode":"list","block":{"attributes":{"context":{"type":"string","description":"The origin of the tag. Supported values are `AWS`, `AWS_GENERIC`, `AZURE`, `CLOUD_FOUNDRY`, `CONTEXTLESS`, `ENVIRONMENT`, `GOOGLE_CLOUD` and `KUBERNETES`.\n\nCustom tags use the `CONTEXTLESS` value.","description_kind":"plain","required":true},"key":{"type":"string","description":"The key of the tag.\n\nCustom tags have the tag value here.","description_kind":"plain","required":true},"source":{"type":"string","description":"The source of the tag. Supported values are `USER`, `RULE_BASED` and `AUTO`.","description_kind":"plain","optional":true},"value":{"type":"string","description":" The value of the tag.\n\nNot applicable to custom tags.","description_kind":"plain","optional":true}},"description":"Tag with source of a Dynatrace entity.","description_kind":"plain"}}},"description":"A set of tags assigned to the monitor.\n\nYou can specify only the value of the tag here and the `CONTEXTLESS` context and source 'USER' will be added automatically.","description_kind":"plain"}}},"description_kind":"plain"}},"dynatrace_k8s_credentials":{"version":0,"block":{"attributes":{"active":{"type":"bool","description":"Monitoring is enabled (`true`) or disabled (`false`) for given credentials configuration.  If not set on creation, the `true` value is used.  If the field is omitted during an update, the old value remains unaffected.","description_kind":"plain","optional":true},"auth_token":{"type":"string","description":"The service account bearer token for the Kubernetes API server.  Submit your token on creation or update of the configuration. For security reasons, GET requests return this field as `null`.  If the field is omitted during an update, the old value remains unaffected.","description_kind":"plain","optional":true},"certificate_check_enabled":{"type":"bool","description":"The check of SSL certificates is enabled (`true`) or disabled (`false`) for the Kubernetes cluster.  If not set on creation, the `true` value is used.  If the field is omitted during an update, the old value remains unaffected.","description_kind":"plain","optional":true},"davis_events_integration_enabled":{"type":"bool","description":"Inclusion of all Davis relevant events is enabled (`true`) or disabled (`false`) for the Kubernetes cluster. If the field is omitted during an update, the old value remains unaffected","description_kind":"plain","optional":true},"endpoint_url":{"type":"string","description":"The URL of the Kubernetes API server.  It must be unique within a Dynatrace environment.  The URL must valid according to RFC 2396. Leading or trailing whitespaces are not allowed.","description_kind":"plain","optional":true},"event_analysis_and_alerting_enabled":{"type":"bool","description":"Event analysis and alerting is (`true`) or disabled (`false`) for the Kubernetes cluster. If the field is omitted during an update, the old value remains unaffected.","description_kind":"plain","optional":true},"events_integration_enabled":{"type":"bool","description":"Monitoring of events is enabled (`true`) or disabled (`false`) for the Kubernetes cluster. Event monitoring depends on the active state of this configuration to be true.  If not set on creation, the `false` value is used.  If the field is omitted during an update, the old value remains unaffected.","description_kind":"plain","optional":true},"hostname_verification":{"type":"bool","description":"Verify hostname in certificate against Kubernetes API URL","description_kind":"plain","optional":true},"id":{"type":"string","description_kind":"plain","optional":true,"computed":true},"label":{"type":"string","description":"The name of the Kubernetes credentials configuration.  Allowed characters are letters, numbers, whitespaces, and the following characters: `.+-_`. Leading or trailing whitespace is not allowed.","description_kind":"plain","required":true},"prometheus_exporters":{"type":"bool","description":"Prometheus exporters integration is enabled (`true`) or disabled (`false`) for the Kubernetes cluster.If the field is omitted during an update, the old value remains unaffected","description_kind":"plain","optional":true},"unknowns":{"type":"string","description":"Any attributes that aren't yet supported by this provider","description_kind":"plain","optional":true},"workload_integration_enabled":{"type":"bool","description":"Workload and cloud application processing is enabled (`true`) or disabled (`false`) for the Kubernetes cluster. If the field is omitted during an update, the old value remains unaffected.","description_kind":"plain","optional":true}},"block_types":{"events_field_selectors":{"nesting_mode":"list","block":{"attributes":{"active":{"type":"bool","description":"Whether subscription to this events field selector is enabled (value set to `true`). If disabled (value set to `false`), Dynatrace will stop fetching events from the Kubernetes API for this events field selector","description_kind":"plain","required":true},"field_selector":{"type":"string","description":"The field selector string (url decoding is applied) when storing it.","description_kind":"plain","required":true},"label":{"type":"string","description":"A label of the events field selector.","description_kind":"plain","required":true},"unknowns":{"type":"string","description":"Any attributes that aren't yet supported by this provider","description_kind":"plain","optional":true}},"description":"The check of SSL certificates is enabled (`true`) or disabled (`false`) for the Kubernetes cluster.  If not set on creation, the `true` value is used.  If the field is omitted during an update, the old value remains unaffected.","description_kind":"plain"}}},"description_kind":"plain"}},"dynatrace_maintenance_window":{"version":0,"block":{"attributes":{"description":{"type":"string","description":"A short description of the maintenance purpose","description_kind":"plain","optional":true},"id":{"type":"string","description_kind":"plain","optional":true,"computed":true},"name":{"type":"string","description":"The name of the maintenance window, displayed in the UI","description_kind":"plain","required":true},"suppress_synth_mon_exec":{"type":"bool","description":"Suppress execution of synthetic monitors during the maintenance","description_kind":"plain","optional":true},"suppression":{"type":"string","description":"The type of suppression of alerting and problem detection during the maintenance","description_kind":"plain","required":true},"type":{"type":"string","description":"The type of the maintenance: planned or unplanned","description_kind":"plain","required":true},"unknowns":{"type":"string","description":"allows for configuring properties that are not explicitly supported by the current version of this provider","description_kind":"plain","optional":true}},"block_types":{"metadata":{"nesting_mode":"list","block":{"attributes":{"cluster_version":{"type":"string","description":"Dynatrace server version","description_kind":"plain","optional":true},"configuration_versions":{"type":["list","number"],"description":"A Sorted list of the version numbers of the configuration","description_kind":"plain","optional":true},"current_configuration_versions":{"type":["list","string"],"description":"A Sorted list of the version numbers of the configuration","description_kind":"plain","optional":true}},"description":"`metadata` exists for backwards compatibility but shouldn't get specified anymore","description_kind":"plain","deprecated":true},"max_items":1},"schedule":{"nesting_mode":"list","block":{"attributes":{"end":{"type":"string","description":"The end date and time of the maintenance window validity period in yyyy-mm-dd HH:mm format","description_kind":"plain","required":true},"recurrence_type":{"type":"string","description":"The type of the schedule recurrence. Possible values are `DAILY`, `MONTHLY`, `ONCE` and `WEEKLY`","description_kind":"plain","required":true},"start":{"type":"string","description":"The start date and time of the maintenance window validity period in yyyy-mm-dd HH:mm format","description_kind":"plain","required":true},"unknowns":{"type":"string","description":"allows for configuring properties that are not explicitly supported by the current version of this provider","description_kind":"plain","optional":true},"zone_id":{"type":"string","description":"The time zone of the start and end time. Default time zone is UTC. You can use either UTC offset `UTC+01:00` format or the IANA Time Zone Database format (for example, `Europe/Vienna`)","description_kind":"plain","required":true}},"block_types":{"recurrence":{"nesting_mode":"list","block":{"attributes":{"day_of_month":{"type":"number","description":"The day of the month for monthly maintenance.  The value of `31` is treated as the last day of the month for months that don't have a 31st day. The value of `30` is also treated as the last day of the month for February","description_kind":"plain","optional":true},"day_of_week":{"type":"string","description":"The day of the week for weekly maintenance.  The format is the full name of the day in upper case, for example `THURSDAY`","description_kind":"plain","optional":true},"duration_minutes":{"type":"number","description":"The duration of the maintenance window in minutes","description_kind":"plain","required":true},"start_time":{"type":"string","description":"The start time of the maintenance window in HH:mm format","description_kind":"plain","required":true},"unknowns":{"type":"string","description":"allows for configuring properties that are not explicitly supported by the current version of this provider","description_kind":"plain","optional":true}},"description":"The recurrence of the maintenance window","description_kind":"plain"},"max_items":1}},"description":"The schedule of the maintenance window","description_kind":"plain"},"max_items":1},"scope":{"nesting_mode":"list","block":{"attributes":{"entities":{"type":["set","string"],"description":"A list of Dynatrace entities (for example, hosts or services) to be included in the scope.  Allowed values are Dynatrace entity IDs","description_kind":"plain","optional":true},"unknowns":{"type":"string","description":"allows for configuring properties that are not explicitly supported by the current version of this provider","description_kind":"plain","optional":true}},"block_types":{"matches":{"nesting_mode":"list","block":{"attributes":{"mz_id":{"type":"string","description":"The ID of a management zone to which the matched entities must belong","description_kind":"plain","optional":true},"tag_combination":{"type":"string","description":"The logic that applies when several tags are specified: AND/OR.  If not set, the OR logic is used","description_kind":"plain","optional":true},"type":{"type":"string","description":"The type of the Dynatrace entities (for example, hosts or services) you want to pick up by matching","description_kind":"plain","optional":true},"unknowns":{"type":"string","description":"allows for configuring properties that are not explicitly supported by the current version of this provider","description_kind":"plain","optional":true}},"block_types":{"tags":{"nesting_mode":"list","block":{"attributes":{"context":{"type":"string","description":"The origin of the tag, such as AWS or Cloud Foundry. Custom tags use the `CONTEXTLESS` value","description_kind":"plain","required":true},"key":{"type":"string","description":"The key of the tag. Custom tags have the tag value here","description_kind":"plain","required":true},"unknowns":{"type":"string","description":"allows for configuring properties that are not explicitly supported by the current version of this provider","description_kind":"plain","optional":true},"value":{"type":"string","description":"The value of the tag. Not applicable to custom tags","description_kind":"plain","optional":true}},"description":"The tag you want to use for matching.  You can use custom tags from the UI, AWS tags, Cloud Foundry tags, OpenShift/Kubernetes, and tags based on environment variables","description_kind":"plain"}}},"description":"A list of matching rules for dynamic scope formation.  If several rules are set, the OR logic applies","description_kind":"plain"}}},"description":"the tiles this Dashboard consist of","description_kind":"plain"},"max_items":1}},"description_kind":"plain"}},"dynatrace_management_zone":{"version":0,"block":{"attributes":{"description":{"type":"string","description":"The description of the management zone","description_kind":"plain","optional":true},"id":{"type":"string","description_kind":"plain","optional":true,"computed":true},"name":{"type":"string","description":"The name of the management zone","description_kind":"plain","required":true},"unknowns":{"type":"string","description":"allows for configuring properties that are not explicitly supported by the current version of this provider","description_kind":"plain","optional":true}},"block_types":{"dimensional_rule":{"nesting_mode":"list","block":{"attributes":{"applies_to":{"type":"string","description":"The target of the rule. Possible values are\n   - `ANY`\n   - `LOG`\n   - `METRIC`","description_kind":"plain","required":true},"enabled":{"type":"bool","description":"The rule is enabled (`true`) or disabled (`false`)","description_kind":"plain","optional":true},"unknowns":{"type":"string","description":"allows for configuring properties that are not explicitly supported by the current version of this provider","description_kind":"plain","optional":true}},"block_types":{"condition":{"nesting_mode":"list","block":{"attributes":{"key":{"type":"string","description":"The reference value for comparison. For conditions of the `DIMENSION` type, specify the key here","description_kind":"plain","required":true},"match":{"type":"string","description":"How to compare. Possible values are \n   - `BEGINS_WITH`\n   - `EQUALS`","description_kind":"plain","required":true},"type":{"type":"string","description":"The type of the condition. Possible values are \n   - `DIMENSION`\n   - `LOG_FILE_NAME`\n   - `METRIC_KEY`","description_kind":"plain","required":true},"unknowns":{"type":"string","description":"Any attributes that aren't yet supported by this provider","description_kind":"plain","optional":true},"value":{"type":"string","description":"The value of the dimension. Only applicable when type is set to `DIMENSION`","description_kind":"plain","optional":true}},"description":"A list of conditions for the management zone. The management zone applies only if **all** conditions are fulfilled","description_kind":"plain"}}},"description":"A list of dimensional data rules for management zone usage. If several rules are specified, the `or` logic applies","description_kind":"plain"}},"entity_selector_based_rule":{"nesting_mode":"list","block":{"attributes":{"enabled":{"type":"bool","description":"The rule is enabled (`true`) or disabled (`false`)","description_kind":"plain","optional":true},"selector":{"type":"string","description":"The entity selector string, by which the entities are selected","description_kind":"plain","optional":true},"unknowns":{"type":"string","description":"allows for configuring properties that are not explicitly supported by the current version of this provider","description_kind":"plain","optional":true}},"description":"A list of entity-selector based rules for management zone usage. If several rules are specified, the `or` logic applies","description_kind":"plain"}},"metadata":{"nesting_mode":"list","block":{"attributes":{"cluster_version":{"type":"string","description":"Dynatrace server version","description_kind":"plain","optional":true},"configuration_versions":{"type":["list","number"],"description":"A Sorted list of the version numbers of the configuration","description_kind":"plain","optional":true},"current_configuration_versions":{"type":["list","string"],"description":"A Sorted list of the version numbers of the configuration","description_kind":"plain","optional":true}},"description":"`metadata` exists for backwards compatibility but shouldn't get specified anymore","description_kind":"plain","deprecated":true},"max_items":1},"rules":{"nesting_mode":"list","block":{"attributes":{"enabled":{"type":"bool","description":"The rule is enabled (`true`) or disabled (`false`)","description_kind":"plain","optional":true},"propagation_types":{"type":["set","string"],"description":"How to apply the management zone to underlying entities:\n   - `SERVICE_TO_HOST_LIKE`: Apply to underlying hosts of matching services\n   - `SERVICE_TO_PROCESS_GROUP_LIKE`: Apply to underlying process groups of matching services\n   - `PROCESS_GROUP_TO_HOST`: Apply to underlying hosts of matching process groups\n   - `PROCESS_GROUP_TO_SERVICE`: Apply to all services provided by matching process groups\n   - `HOST_TO_PROCESS_GROUP_INSTANCE`: Apply to processes running on matching hosts\n   - `CUSTOM_DEVICE_GROUP_TO_CUSTOM_DEVICE`: Apply to custom devices in matching custom device groups\n   - `AZURE_TO_PG`: Apply to process groups connected to matching Azure entities\n   - `AZURE_TO_SERVICE`: Apply to services provided by matching Azure entities","description_kind":"plain","optional":true},"type":{"type":"string","description":"The type of Dynatrace entities the management zone can be applied to","description_kind":"plain","required":true},"unknowns":{"type":"string","description":"allows for configuring properties that are not explicitly supported by the current version of this provider","description_kind":"plain","optional":true}},"block_types":{"conditions":{"nesting_mode":"list","block":{"attributes":{"unknowns":{"type":"string","description":"Any attributes that aren't yet supported by this provider","description_kind":"plain","optional":true}},"block_types":{"application_type":{"nesting_mode":"list","block":{"attributes":{"negate":{"type":"bool","description":"Reverses the operator. For example it turns the **begins with** into **does not begin with**","description_kind":"plain","optional":true},"operator":{"type":"string","description":"Operator of the comparison. You can reverse it by setting **negate** to `true`","description_kind":"plain","required":true},"unknowns":{"type":"string","description":"Any attributes that aren't yet supported by this provider","description_kind":"plain","optional":true},"value":{"type":"string","description":"The value to compare to","description_kind":"plain","optional":true}},"description":"Comparison for `APPLICATION_TYPE` attributes","description_kind":"plain"}},"application_type_comparison":{"nesting_mode":"list","block":{"attributes":{"negate":{"type":"bool","description":"Reverses the operator. For example it turns the **begins with** into **does not begin with**","description_kind":"plain","optional":true},"operator":{"type":"string","description":"Operator of the comparison. You can reverse it by setting **negate** to `true`","description_kind":"plain","required":true},"type":{"type":"string","description":"if specified, needs to be APPLICATION_TYPE","description_kind":"plain","deprecated":true,"optional":true},"unknowns":{"type":"string","description":"Any attributes that aren't yet supported by this provider","description_kind":"plain","optional":true},"value":{"type":"string","description":"The value to compare to","description_kind":"plain","optional":true}},"description":"Comparison for `APPLICATION_TYPE` attributes","description_kind":"plain","deprecated":true}},"azure_compute_mode":{"nesting_mode":"list","block":{"attributes":{"negate":{"type":"bool","description":"Reverses the operator. For example it turns EQUALS into DOES NOT EQUAL","description_kind":"plain","optional":true},"operator":{"type":"string","description":"Either EQUALS or EXISTS. You can reverse it by setting **negate** to `true`","description_kind":"plain","required":true},"unknowns":{"type":"string","description":"Any attributes that aren't yet supported by this provider","description_kind":"plain","optional":true},"value":{"type":"string","description":"The value to compare to. Possible values are DEDICATED or SHARED.","description_kind":"plain","optional":true}},"description":"Comparison for `AZURE_COMPUTE_MODE` attributes","description_kind":"plain","deprecated":true}},"azure_compute_mode_comparison":{"nesting_mode":"list","block":{"attributes":{"negate":{"type":"bool","description":"Reverses the operator. For example it turns EQUALS into DOES NOT EQUAL","description_kind":"plain","optional":true},"operator":{"type":"string","description":"Either EQUALS or EXISTS. You can reverse it by setting **negate** to `true`","description_kind":"plain","required":true},"unknowns":{"type":"string","description":"Any attributes that aren't yet supported by this provider","description_kind":"plain","optional":true},"value":{"type":"string","description":"The value to compare to. Possible values are DEDICATED or SHARED.","description_kind":"plain","optional":true}},"description":"Comparison for `AZURE_COMPUTE_MODE` attributes","description_kind":"plain"}},"azure_sku":{"nesting_mode":"list","block":{"attributes":{"negate":{"type":"bool","description":"Reverses the operator. For example it turns EQUALS into DOES NOT EQUAL","description_kind":"plain","optional":true},"operator":{"type":"string","description":"Either EQUALS or EXISTS. You can reverse it by setting **negate** to `true`","description_kind":"plain","required":true},"unknowns":{"type":"string","description":"Any attributes that aren't yet supported by this provider","description_kind":"plain","optional":true},"value":{"type":"string","description":"The value to compare to. Possible values are BASIC, DYNAMIC, FREE, PREMIUM, SHARED and STANDARD.","description_kind":"plain","optional":true}},"description":"Comparison for `AZURE_SKU` attributes","description_kind":"plain"}},"azure_sku_comparision":{"nesting_mode":"list","block":{"attributes":{"negate":{"type":"bool","description":"Reverses the operator. For example it turns EQUALS into DOES NOT EQUAL","description_kind":"plain","optional":true},"operator":{"type":"string","description":"Either EQUALS or EXISTS. You can reverse it by setting **negate** to `true`","description_kind":"plain","required":true},"type":{"type":"string","description":"if specified, needs to be AZURE_SKU","description_kind":"plain","deprecated":true,"optional":true},"unknowns":{"type":"string","description":"Any attributes that aren't yet supported by this provider","description_kind":"plain","optional":true},"value":{"type":"string","description":"The value to compare to. Possible values are BASIC, DYNAMIC, FREE, PREMIUM, SHARED and STANDARD.","description_kind":"plain","optional":true}},"description":"Comparison for `AZURE_SKU` attributes","description_kind":"plain","deprecated":true}},"base_comparison_basic":{"nesting_mode":"list","block":{"attributes":{"negate":{"type":"bool","description":"Reverses the operator. For example it turns EQUALS into DOES NOT EQUAL","description_kind":"plain","optional":true},"type":{"type":"string","description":"The type of comparison","description_kind":"plain","required":true},"unknowns":{"type":"string","description":"Any attributes that aren't yet supported by this provider but have meanwhile gotten introduced by a newer version of the Dynatrace REST API","description_kind":"plain","optional":true}},"description":"A comparison that's yet unknown to the provider. Operator and Value need to be encoded using the 'unknowns' property.","description_kind":"plain","deprecated":true}},"base_condition_key":{"nesting_mode":"list","block":{"attributes":{"attribute":{"type":"string","description":"The attribute to be used for comparision","description_kind":"plain","required":true},"type":{"type":"string","description":"Defines the actual set of fields depending on the value","description_kind":"plain","optional":true},"unknowns":{"type":"string","description":"Any attributes that aren't yet supported by this provider but have meanwhile gotten introduced by a newer version of the Dynatrace REST API","description_kind":"plain","optional":true}},"description":"Fallback for not yet known type","description_kind":"plain","deprecated":true}},"bitness":{"nesting_mode":"list","block":{"attributes":{"negate":{"type":"bool","description":"Reverses the operator. For example it turns EQUALS into DOES NOT EQUAL","description_kind":"plain","optional":true},"operator":{"type":"string","description":"Either EQUALS or EXISTS. You can reverse it by setting **negate** to `true`","description_kind":"plain","required":true},"unknowns":{"type":"string","description":"Any attributes that aren't yet supported by this provider but have meanwhile gotten introduced by a newer version of the Dynatrace REST API","description_kind":"plain","optional":true},"value":{"type":"string","description":"The value to compare to. Possible values are 32 and 64.","description_kind":"plain","optional":true}},"description":"Comparison for `BITNESS` attributes","description_kind":"plain"}},"bitness_comparision":{"nesting_mode":"list","block":{"attributes":{"negate":{"type":"bool","description":"Reverses the operator. For example it turns EQUALS into DOES NOT EQUAL","description_kind":"plain","optional":true},"operator":{"type":"string","description":"Either EQUALS or EXISTS. You can reverse it by setting **negate** to `true`","description_kind":"plain","required":true},"type":{"type":"string","description":"if specified, needs to be BITNESS","description_kind":"plain","deprecated":true,"optional":true},"unknowns":{"type":"string","description":"Any attributes that aren't yet supported by this provider but have meanwhile gotten introduced by a newer version of the Dynatrace REST API","description_kind":"plain","optional":true},"value":{"type":"string","description":"The value to compare to. Possible values are 32 and 64.","description_kind":"plain","optional":true}},"description":"Comparison for `BITNESS` attributes","description_kind":"plain","deprecated":true}},"cloud_type":{"nesting_mode":"list","block":{"attributes":{"negate":{"type":"bool","description":"Reverses the operator. For example it turns EQUALS into DOES NOT EQUAL","description_kind":"plain","optional":true},"operator":{"type":"string","description":"Either EQUALS or EXISTS. You can reverse it by setting **negate** to `true`","description_kind":"plain","required":true},"unknowns":{"type":"string","description":"Any attributes that aren't yet supported by this provider but have meanwhile gotten introduced by a newer version of the Dynatrace REST API","description_kind":"plain","optional":true},"value":{"type":"string","description":"The value to compare to. Possible values are AZURE, EC2, GOOGLE_CLOUD_PLATFORM, OPENSTACK, ORACLE and UNRECOGNIZED.","description_kind":"plain","optional":true}},"description":"Comparison for `CLOUD_TYPE` attributes","description_kind":"plain"}},"cloud_type_comparison":{"nesting_mode":"list","block":{"attributes":{"negate":{"type":"bool","description":"Reverses the operator. For example it turns EQUALS into DOES NOT EQUAL","description_kind":"plain","optional":true},"operator":{"type":"string","description":"Either EQUALS or EXISTS. You can reverse it by setting **negate** to `true`","description_kind":"plain","required":true},"type":{"type":"string","description":"if specified, needs to be CLOUD_TYPE","description_kind":"plain","deprecated":true,"optional":true},"unknowns":{"type":"string","description":"Any attributes that aren't yet supported by this provider but have meanwhile gotten introduced by a newer version of the Dynatrace REST API","description_kind":"plain","optional":true},"value":{"type":"string","description":"The value to compare to. Possible values are AZURE, EC2, GOOGLE_CLOUD_PLATFORM, OPENSTACK, ORACLE and UNRECOGNIZED.","description_kind":"plain","optional":true}},"description":"Comparison for `CLOUD_TYPE` attributes","description_kind":"plain","deprecated":true}},"comparison":{"nesting_mode":"list","block":{"attributes":{"negate":{"type":"bool","description":"Reverses the operator. For example it turns EQUALS into DOES NOT EQUAL","description_kind":"plain","optional":true},"type":{"type":"string","description":"The type of comparison","description_kind":"plain","required":true},"unknowns":{"type":"string","description":"Any attributes that aren't yet supported by this provider but have meanwhile gotten introduced by a newer version of the Dynatrace REST API","description_kind":"plain","optional":true}},"description":"A comparison that's yet unknown to the provider. Operator and Value need to be encoded using the 'unknowns' property.","description_kind":"plain"}},"custom_application_type":{"nesting_mode":"list","block":{"attributes":{"negate":{"type":"bool","description":"Reverses the operator. For example it turns EQUALS into DOES NOT EQUAL","description_kind":"plain","optional":true},"operator":{"type":"string","description":"Either EQUALS or EXISTS. You can reverse it by setting **negate** to `true`","description_kind":"plain","required":true},"unknowns":{"type":"string","description":"Any attributes that aren't yet supported by this provider but have meanwhile gotten introduced by a newer version of the Dynatrace REST API","description_kind":"plain","optional":true},"value":{"type":"string","description":"The value to compare to. Possible values are AMAZON_ECHO, DESKTOP, EMBEDDED, IOT, MICROSOFT_HOLOLENS and UFO.","description_kind":"plain","optional":true}},"description":"Comparison for `CUSTOM_APPLICATION_TYPE` attributes","description_kind":"plain"}},"custom_application_type_comparison":{"nesting_mode":"list","block":{"attributes":{"negate":{"type":"bool","description":"Reverses the operator. For example it turns EQUALS into DOES NOT EQUAL","description_kind":"plain","optional":true},"operator":{"type":"string","description":"Either EQUALS or EXISTS. You can reverse it by setting **negate** to `true`","description_kind":"plain","required":true},"type":{"type":"string","description":"if specified, needs to be CUSTOM_APPLICATION_TYPE","description_kind":"plain","deprecated":true,"optional":true},"unknowns":{"type":"string","description":"Any attributes that aren't yet supported by this provider but have meanwhile gotten introduced by a newer version of the Dynatrace REST API","description_kind":"plain","optional":true},"value":{"type":"string","description":"The value to compare to. Possible values are AMAZON_ECHO, DESKTOP, EMBEDDED, IOT, MICROSOFT_HOLOLENS and UFO.","description_kind":"plain","optional":true}},"description":"Comparison for `CUSTOM_APPLICATION_TYPE` attributes","description_kind":"plain","deprecated":true}},"custom_host_metadata":{"nesting_mode":"list","block":{"attributes":{"attribute":{"type":"string","description":"The attribute to be used for comparision","description_kind":"plain","required":true},"unknowns":{"type":"string","description":"Any attributes that aren't yet supported by this provider but have meanwhile gotten introduced by a newer version of the Dynatrace REST API","description_kind":"plain","optional":true}},"block_types":{"dynamic_key":{"nesting_mode":"list","block":{"attributes":{"key":{"type":"string","description":"The actual key of the custom metadata","description_kind":"plain","required":true},"source":{"type":"string","description":"The source of the custom metadata. Possible values are ENVIRONMENT, GOOGLE_COMPUTE_ENGINE and PLUGIN","description_kind":"plain","required":true},"unknowns":{"type":"string","description":"Any attributes that aren't yet supported by this provider but have meanwhile gotten introduced by a newer version of the Dynatrace REST API","description_kind":"plain","optional":true}},"description":"The key of the attribute, which need dynamic keys. Not applicable otherwise, as the attibute itself acts as a key","description_kind":"plain"},"min_items":1,"max_items":1}},"description":"Key for Custom Host Metadata","description_kind":"plain"}},"custom_host_metadata_condition_key":{"nesting_mode":"list","block":{"attributes":{"attribute":{"type":"string","description":"The attribute to be used for comparision","description_kind":"plain","required":true},"type":{"type":"string","description":"if specified, needs to be HOST_CUSTOM_METADATA_KEY","description_kind":"plain","deprecated":true,"optional":true},"unknowns":{"type":"string","description":"Any attributes that aren't yet supported by this provider but have meanwhile gotten introduced by a newer version of the Dynatrace REST API","description_kind":"plain","optional":true}},"block_types":{"dynamic_key":{"nesting_mode":"list","block":{"attributes":{"key":{"type":"string","description":"The actual key of the custom metadata","description_kind":"plain","required":true},"source":{"type":"string","description":"The source of the custom metadata. Possible values are ENVIRONMENT, GOOGLE_COMPUTE_ENGINE and PLUGIN","description_kind":"plain","required":true},"unknowns":{"type":"string","description":"Any attributes that aren't yet supported by this provider but have meanwhile gotten introduced by a newer version of the Dynatrace REST API","description_kind":"plain","optional":true}},"description":"The key of the attribute, which need dynamic keys. Not applicable otherwise, as the attibute itself acts as a key","description_kind":"plain"},"min_items":1,"max_items":1}},"description":"Key for Custom Host Metadata","description_kind":"plain","deprecated":true}},"custom_process_metadata":{"nesting_mode":"list","block":{"attributes":{"attribute":{"type":"string","description":"The attribute to be used for comparision","description_kind":"plain","required":true},"unknowns":{"type":"string","description":"Any attributes that aren't yet supported by this provider but have meanwhile gotten introduced by a newer version of the Dynatrace REST API","description_kind":"plain","optional":true}},"block_types":{"dynamic_key":{"nesting_mode":"list","block":{"attributes":{"key":{"type":"string","description":" The actual key of the custom metadata","description_kind":"plain","required":true},"source":{"type":"string","description":"The source of the custom metadata. Possible values are CLOUD_FOUNDRY, ENVIRONMENT, GOOGLE_CLOUD, KUBERNETES and PLUGIN","description_kind":"plain","required":true},"unknowns":{"type":"string","description":"Any attributes that aren't yet supported by this provider but have meanwhile gotten introduced by a newer version of the Dynatrace REST API","description_kind":"plain","optional":true}},"description":"The key of the attribute, which need dynamic keys. Not applicable otherwise, as the attibute itself acts as a key","description_kind":"plain"},"min_items":1,"max_items":1}},"description":"Key for Custom Process Metadata","description_kind":"plain"}},"custom_process_metadata_condition_key":{"nesting_mode":"list","block":{"attributes":{"attribute":{"type":"string","description":"The attribute to be used for comparision","description_kind":"plain","required":true},"type":{"type":"string","description":"if specified, needs to be PROCESS_CUSTOM_METADATA_KEY","description_kind":"plain","deprecated":true,"optional":true},"unknowns":{"type":"string","description":"Any attributes that aren't yet supported by this provider but have meanwhile gotten introduced by a newer version of the Dynatrace REST API","description_kind":"plain","optional":true}},"block_types":{"dynamic_key":{"nesting_mode":"list","block":{"attributes":{"key":{"type":"string","description":" The actual key of the custom metadata","description_kind":"plain","required":true},"source":{"type":"string","description":"The source of the custom metadata. Possible values are CLOUD_FOUNDRY, ENVIRONMENT, GOOGLE_CLOUD, KUBERNETES and PLUGIN","description_kind":"plain","required":true},"unknowns":{"type":"string","description":"Any attributes that aren't yet supported by this provider but have meanwhile gotten introduced by a newer version of the Dynatrace REST API","description_kind":"plain","optional":true}},"description":"The key of the attribute, which need dynamic keys. Not applicable otherwise, as the attibute itself acts as a key","description_kind":"plain"},"min_items":1,"max_items":1}},"description":"Key for Custom Process Metadata","description_kind":"plain","deprecated":true}},"database_topology":{"nesting_mode":"list","block":{"attributes":{"negate":{"type":"bool","description":"Reverses the operator. For example it turns EQUALS into DOES NOT EQUAL","description_kind":"plain","optional":true},"operator":{"type":"string","description":"Either EQUALS or EXISTS. You can reverse it by setting **negate** to `true`","description_kind":"plain","required":true},"unknowns":{"type":"string","description":"Any attributes that aren't yet supported by this provider but have meanwhile gotten introduced by a newer version of the Dynatrace REST API","description_kind":"plain","optional":true},"value":{"type":"string","description":"The value to compare to. Possible values are CLUSTER, EMBEDDED, FAILOVER, IPC, LOAD_BALANCING, SINGLE_SERVER and UNSPECIFIED.","description_kind":"plain","optional":true}},"description":"Comparison for `DATABASE_TOPOLOGY` attributes","description_kind":"plain"}},"database_topology_comparison":{"nesting_mode":"list","block":{"attributes":{"negate":{"type":"bool","description":"Reverses the operator. For example it turns EQUALS into DOES NOT EQUAL","description_kind":"plain","optional":true},"operator":{"type":"string","description":"Either EQUALS or EXISTS. You can reverse it by setting **negate** to `true`","description_kind":"plain","required":true},"type":{"type":"string","description":"if specified, needs to be DATABASE_TOPOLOGY","description_kind":"plain","deprecated":true,"optional":true},"unknowns":{"type":"string","description":"Any attributes that aren't yet supported by this provider but have meanwhile gotten introduced by a newer version of the Dynatrace REST API","description_kind":"plain","optional":true},"value":{"type":"string","description":"The value to compare to. Possible values are CLUSTER, EMBEDDED, FAILOVER, IPC, LOAD_BALANCING, SINGLE_SERVER and UNSPECIFIED.","description_kind":"plain","optional":true}},"description":"Comparison for `DATABASE_TOPOLOGY` attributes","description_kind":"plain","deprecated":true}},"dcrum_decoder":{"nesting_mode":"list","block":{"attributes":{"negate":{"type":"bool","description":"Reverses the operator. For example it turns EQUALS into DOES NOT EQUAL","description_kind":"plain","optional":true},"operator":{"type":"string","description":"Either EQUALS or EXISTS. You can reverse it by setting **negate** to `true`","description_kind":"plain","required":true},"unknowns":{"type":"string","description":"Any attributes that aren't yet supported by this provider but have meanwhile gotten introduced by a newer version of the Dynatrace REST API","description_kind":"plain","optional":true},"value":{"type":"string","description":"The value to compare to. Possible values are ALL_OTHER, CITRIX_APPFLOW, CITRIX_ICA, CITRIX_ICA_OVER_SSL, DB2_DRDA, HTTP, HTTPS, HTTP_EXPRESS, INFORMIX, MYSQL, ORACLE, SAP_GUI, SAP_GUI_OVER_HTTP, SAP_GUI_OVER_HTTPS, SAP_HANA_DB, SAP_RFC, SSL and TDS.","description_kind":"plain","optional":true}},"description":"Comparison for `DCRUM_DECODER_TYPE` attributes","description_kind":"plain"}},"dcrum_decoder_comparison":{"nesting_mode":"list","block":{"attributes":{"negate":{"type":"bool","description":"Reverses the operator. For example it turns EQUALS into DOES NOT EQUAL","description_kind":"plain","optional":true},"operator":{"type":"string","description":"Either EQUALS or EXISTS. You can reverse it by setting **negate** to `true`","description_kind":"plain","required":true},"type":{"type":"string","description":"if specified, needs to be DCRUM_DECODER_TYPE","description_kind":"plain","deprecated":true,"optional":true},"unknowns":{"type":"string","description":"Any attributes that aren't yet supported by this provider but have meanwhile gotten introduced by a newer version of the Dynatrace REST API","description_kind":"plain","optional":true},"value":{"type":"string","description":"The value to compare to. Possible values are ALL_OTHER, CITRIX_APPFLOW, CITRIX_ICA, CITRIX_ICA_OVER_SSL, DB2_DRDA, HTTP, HTTPS, HTTP_EXPRESS, INFORMIX, MYSQL, ORACLE, SAP_GUI, SAP_GUI_OVER_HTTP, SAP_GUI_OVER_HTTPS, SAP_HANA_DB, SAP_RFC, SSL and TDS.","description_kind":"plain","optional":true}},"description":"Comparison for `DCRUM_DECODER_TYPE` attributes","description_kind":"plain","deprecated":true}},"entity":{"nesting_mode":"list","block":{"attributes":{"negate":{"type":"bool","description":"Reverses the operator. For example it turns EQUALS into DOES NOT EQUAL","description_kind":"plain","optional":true},"operator":{"type":"string","description":"Currently only EQUALS is supported. You can reverse it by setting **negate** to `true`","description_kind":"plain","required":true},"unknowns":{"type":"string","description":"Any attributes that aren't yet supported by this provider but have meanwhile gotten introduced by a newer version of the Dynatrace REST API","description_kind":"plain","optional":true},"value":{"type":"string","description":"The value to compare to","description_kind":"plain","optional":true}},"description":"Comparison for `ENTITY_ID` attributes","description_kind":"plain"}},"entity_id_comparison":{"nesting_mode":"list","block":{"attributes":{"negate":{"type":"bool","description":"Reverses the operator. For example it turns EQUALS into DOES NOT EQUAL","description_kind":"plain","optional":true},"operator":{"type":"string","description":"Currently only EQUALS is supported. You can reverse it by setting **negate** to `true`","description_kind":"plain","required":true},"type":{"type":"string","description":"if specified, needs to be ENTITY_ID","description_kind":"plain","deprecated":true,"optional":true},"unknowns":{"type":"string","description":"Any attributes that aren't yet supported by this provider but have meanwhile gotten introduced by a newer version of the Dynatrace REST API","description_kind":"plain","optional":true},"value":{"type":"string","description":"The value to compare to","description_kind":"plain","optional":true}},"description":"Comparison for `ENTITY_ID` attributes","description_kind":"plain","deprecated":true}},"host_tech":{"nesting_mode":"list","block":{"attributes":{"negate":{"type":"bool","description":"Reverses the operator. For example it turns the **begins with** into **does not begin with**","description_kind":"plain","optional":true},"operator":{"type":"string","description":"Operator of the comparison. Possible values are EQUALS and EXISTS. You can reverse it by setting **negate** to `true`","description_kind":"plain","required":true},"unknowns":{"type":"string","description":"Any attributes that aren't yet supported by this provider","description_kind":"plain","optional":true}},"block_types":{"value":{"nesting_mode":"list","block":{"attributes":{"type":{"type":"string","description":"Predefined technology, if technology is not predefined, then the verbatim type must be set. Possible values are APPARMOR, BOSH, BOSHBPM, CLOUDFOUNDRY, CONTAINERD, CRIO, DIEGO_CELL, DOCKER, GARDEN, GRSECURITY, KUBERNETES, OPENSHIFT, OPENSTACK_COMPUTE, OPENSTACK_CONTROLLER and SELINUX","description_kind":"plain","optional":true},"unknowns":{"type":"string","description":"Any attributes that aren't yet supported by this provider","description_kind":"plain","optional":true},"verbatim_type":{"type":"string","description":"Non-predefined technology, use for custom technologies","description_kind":"plain","optional":true}},"description":"The value to compare to","description_kind":"plain"},"max_items":1}},"description":"Comparison for `SIMPLE_HOST_TECH` attributes","description_kind":"plain"}},"hypervisor":{"nesting_mode":"list","block":{"attributes":{"negate":{"type":"bool","description":"Reverses the operator. For example it turns EQUALS into DOES NOT EQUAL","description_kind":"plain","optional":true},"operator":{"type":"string","description":"Either EQUALS or EXISTS. You can reverse it by setting **negate** to `true`","description_kind":"plain","required":true},"unknowns":{"type":"string","description":"Any attributes that aren't yet supported by this provider but have meanwhile gotten introduced by a newer version of the Dynatrace REST API","description_kind":"plain","optional":true},"value":{"type":"string","description":"The value to compare to. Possible values are AHV, HYPER_V, KVM, LPAR, QEMU, VIRTUAL_BOX, VMWARE, WPAR and XEN.","description_kind":"plain","optional":true}},"description":"Comparison for `HYPERVISOR_TYPE` attributes","description_kind":"plain"}},"hypervisor_type_comparision":{"nesting_mode":"list","block":{"attributes":{"negate":{"type":"bool","description":"Reverses the operator. For example it turns EQUALS into DOES NOT EQUAL","description_kind":"plain","optional":true},"operator":{"type":"string","description":"Either EQUALS or EXISTS. You can reverse it by setting **negate** to `true`","description_kind":"plain","required":true},"type":{"type":"string","description":"if specified, needs to be HYPERVISOR_TYPE","description_kind":"plain","deprecated":true,"optional":true},"unknowns":{"type":"string","description":"Any attributes that aren't yet supported by this provider but have meanwhile gotten introduced by a newer version of the Dynatrace REST API","description_kind":"plain","optional":true},"value":{"type":"string","description":"The value to compare to. Possible values are AHV, HYPER_V, KVM, LPAR, QEMU, VIRTUAL_BOX, VMWARE, WPAR and XEN.","description_kind":"plain","optional":true}},"description":"`hypervisor_type_comparision` is deprecated. Use `hypervisor` instead","description_kind":"plain","deprecated":true}},"indexed_name":{"nesting_mode":"list","block":{"attributes":{"negate":{"type":"bool","description":"Reverses the operator. For example it turns EQUALS into DOES NOT EQUAL","description_kind":"plain","optional":true},"operator":{"type":"string","description":"Either EQUALS, CONTAINS or EXISTS. You can reverse it by setting **negate** to `true`","description_kind":"plain","required":true},"unknowns":{"type":"string","description":"Any attributes that aren't yet supported by this provider but have meanwhile gotten introduced by a newer version of the Dynatrace REST API","description_kind":"plain","optional":true},"value":{"type":"string","description":"The value to compare to","description_kind":"plain","optional":true}},"description":"Comparison for `INDEXED_NAME` attributes","description_kind":"plain"}},"indexed_name_comparison":{"nesting_mode":"list","block":{"attributes":{"negate":{"type":"bool","description":"Reverses the operator. For example it turns EQUALS into DOES NOT EQUAL","description_kind":"plain","optional":true},"operator":{"type":"string","description":"Either EQUALS, CONTAINS or EXISTS. You can reverse it by setting **negate** to `true`","description_kind":"plain","required":true},"type":{"type":"string","description":"if specified, needs to be INDEXED_NAME","description_kind":"plain","deprecated":true,"optional":true},"unknowns":{"type":"string","description":"Any attributes that aren't yet supported by this provider but have meanwhile gotten introduced by a newer version of the Dynatrace REST API","description_kind":"plain","optional":true},"value":{"type":"string","description":"The value to compare to","description_kind":"plain","optional":true}},"description":"Comparison for `INDEXED_NAME` attributes","description_kind":"plain","deprecated":true}},"indexed_string":{"nesting_mode":"list","block":{"attributes":{"negate":{"type":"bool","description":"Reverses the operator. For example it turns EQUALS into DOES NOT EQUAL","description_kind":"plain","optional":true},"operator":{"type":"string","description":"Either EQUALS or EXISTS. You can reverse it by setting **negate** to `true`","description_kind":"plain","required":true},"unknowns":{"type":"string","description":"Any attributes that aren't yet supported by this provider but have meanwhile gotten introduced by a newer version of the Dynatrace REST API","description_kind":"plain","optional":true},"value":{"type":"string","description":"The value to compare to","description_kind":"plain","optional":true}},"description":"Comparison for `INDEXED_STRING` attributes","description_kind":"plain"}},"indexed_string_comparison":{"nesting_mode":"list","block":{"attributes":{"negate":{"type":"bool","description":"Reverses the operator. For example it turns EQUALS into DOES NOT EQUAL","description_kind":"plain","optional":true},"operator":{"type":"string","description":"Either EQUALS or EXISTS. You can reverse it by setting **negate** to `true`","description_kind":"plain","required":true},"type":{"type":"string","description":"if specified, needs to be INDEXED_STRING","description_kind":"plain","deprecated":true,"optional":true},"unknowns":{"type":"string","description":"Any attributes that aren't yet supported by this provider but have meanwhile gotten introduced by a newer version of the Dynatrace REST API","description_kind":"plain","optional":true},"value":{"type":"string","description":"The value to compare to","description_kind":"plain","optional":true}},"description":"Comparison for `INDEXED_STRING` attributes","description_kind":"plain","deprecated":true}},"indexed_tag":{"nesting_mode":"list","block":{"attributes":{"negate":{"type":"bool","description":"Reverses the operator. For example it turns EQUALS into DOES NOT EQUAL","description_kind":"plain","optional":true},"operator":{"type":"string","description":"Either EQUALS or EXISTS. You can reverse it by setting **negate** to `true`","description_kind":"plain","required":true},"unknowns":{"type":"string","description":"Any attributes that aren't yet supported by this provider but have meanwhile gotten introduced by a newer version of the Dynatrace REST API","description_kind":"plain","optional":true}},"block_types":{"value":{"nesting_mode":"list","block":{"attributes":{"context":{"type":"string","description":"The origin of the tag, such as AWS or Cloud Foundry. Possible values are AWS, AWS_GENERIC, AZURE, CLOUD_FOUNDRY, CONTEXTLESS, ENVIRONMENT, GOOGLE_CLOUD and KUBERNETES. Custom tags use the `CONTEXTLESS` value","description_kind":"plain","required":true},"key":{"type":"string","description":"The key of the tag. Custom tags have the tag value here","description_kind":"plain","required":true},"unknowns":{"type":"string","description":"Any attributes that aren't yet supported by this provider but have meanwhile gotten introduced by a newer version of the Dynatrace REST API","description_kind":"plain","optional":true},"value":{"type":"string","description":"The value of the tag. Not applicable to custom tags","description_kind":"plain","optional":true}},"description":"Tag of a Dynatrace entity","description_kind":"plain"},"max_items":1}},"description":"Comparison for `INDEXED_TAG` attributes","description_kind":"plain"}},"indexed_tag_comparison":{"nesting_mode":"list","block":{"attributes":{"negate":{"type":"bool","description":"Reverses the operator. For example it turns EQUALS into DOES NOT EQUAL","description_kind":"plain","optional":true},"operator":{"type":"string","description":"Either EQUALS or EXISTS. You can reverse it by setting **negate** to `true`","description_kind":"plain","required":true},"type":{"type":"string","description":"if specified, needs to be INDEXED_TAG","description_kind":"plain","deprecated":true,"optional":true},"unknowns":{"type":"string","description":"Any attributes that aren't yet supported by this provider but have meanwhile gotten introduced by a newer version of the Dynatrace REST API","description_kind":"plain","optional":true}},"block_types":{"value":{"nesting_mode":"list","block":{"attributes":{"context":{"type":"string","description":"The origin of the tag, such as AWS or Cloud Foundry. Possible values are AWS, AWS_GENERIC, AZURE, CLOUD_FOUNDRY, CONTEXTLESS, ENVIRONMENT, GOOGLE_CLOUD and KUBERNETES. Custom tags use the `CONTEXTLESS` value","description_kind":"plain","required":true},"key":{"type":"string","description":"The key of the tag. Custom tags have the tag value here","description_kind":"plain","required":true},"unknowns":{"type":"string","description":"Any attributes that aren't yet supported by this provider but have meanwhile gotten introduced by a newer version of the Dynatrace REST API","description_kind":"plain","optional":true},"value":{"type":"string","description":"The value of the tag. Not applicable to custom tags","description_kind":"plain","optional":true}},"description":"Tag of a Dynatrace entity","description_kind":"plain"},"max_items":1}},"description":"Comparison for `INDEXED_TAG` attributes","description_kind":"plain","deprecated":true}},"integer":{"nesting_mode":"list","block":{"attributes":{"negate":{"type":"bool","description":"Reverses the operator. For example it turns the **begins with** into **does not begin with**","description_kind":"plain","optional":true},"operator":{"type":"string","description":"Operator of the comparison. Possible values are EQUALS, EXISTS, GREATER_THAN, GREATER_THAN_OR_EQUAL, LOWER_THAN and LOWER_THAN_OR_EQUAL. You can reverse it by setting **negate** to `true`","description_kind":"plain","required":true},"unknowns":{"type":"string","description":"Any attributes that aren't yet supported by this provider","description_kind":"plain","optional":true},"value":{"type":"number","description":"The value to compare to","description_kind":"plain","optional":true}},"description":"Comparison for `INTEGER` attributes","description_kind":"plain"}},"integer_comparison":{"nesting_mode":"list","block":{"attributes":{"negate":{"type":"bool","description":"Reverses the operator. For example it turns the **begins with** into **does not begin with**","description_kind":"plain","optional":true},"operator":{"type":"string","description":"Operator of the comparison. Possible values are EQUALS, EXISTS, GREATER_THAN, GREATER_THAN_OR_EQUAL, LOWER_THAN and LOWER_THAN_OR_EQUAL. You can reverse it by setting **negate** to `true`","description_kind":"plain","required":true},"type":{"type":"string","description":"if specified, needs to be INTEGER","description_kind":"plain","deprecated":true,"optional":true},"unknowns":{"type":"string","description":"Any attributes that aren't yet supported by this provider","description_kind":"plain","optional":true},"value":{"type":"number","description":"The value to compare to","description_kind":"plain","optional":true}},"description":"Comparison for `INTEGER` attributes","description_kind":"plain","deprecated":true}},"ipaddress":{"nesting_mode":"list","block":{"attributes":{"case_sensitive":{"type":"bool","description":" The comparison is case-sensitive (`true`) or insensitive (`false`)","description_kind":"plain","optional":true},"negate":{"type":"bool","description":"Reverses the operator. For example it turns the **begins with** into **does not begin with**","description_kind":"plain","optional":true},"operator":{"type":"string","description":"Operator of the comparison. Possible values are BEGINS_WITH, CONTAINS, ENDS_WITH, EQUALS, EXISTS, IS_IP_IN_RANGE and REGEX_MATCHES. You can reverse it by setting **negate** to `true`","description_kind":"plain","required":true},"unknowns":{"type":"string","description":"Any attributes that aren't yet supported by this provider","description_kind":"plain","optional":true},"value":{"type":"string","description":"The value to compare to","description_kind":"plain","optional":true}},"description":"Comparison for `IP_ADDRESS` attributes","description_kind":"plain"}},"ipaddress_comparison":{"nesting_mode":"list","block":{"attributes":{"case_sensitive":{"type":"bool","description":" The comparison is case-sensitive (`true`) or insensitive (`false`)","description_kind":"plain","optional":true},"negate":{"type":"bool","description":"Reverses the operator. For example it turns the **begins with** into **does not begin with**","description_kind":"plain","optional":true},"operator":{"type":"string","description":"Operator of the comparison. Possible values are BEGINS_WITH, CONTAINS, ENDS_WITH, EQUALS, EXISTS, IS_IP_IN_RANGE and REGEX_MATCHES. You can reverse it by setting **negate** to `true`","description_kind":"plain","required":true},"type":{"type":"string","description":"if specified, needs to be IP_ADDRESS","description_kind":"plain","deprecated":true,"optional":true},"unknowns":{"type":"string","description":"Any attributes that aren't yet supported by this provider","description_kind":"plain","optional":true},"value":{"type":"string","description":"The value to compare to","description_kind":"plain","optional":true}},"description":"Comparison for `IP_ADDRESS` attributes","description_kind":"plain","deprecated":true}},"key":{"nesting_mode":"list","block":{"attributes":{"attribute":{"type":"string","description":"The attribute to be used for comparision","description_kind":"plain","required":true},"type":{"type":"string","description":"Defines the actual set of fields depending on the value","description_kind":"plain","optional":true},"unknowns":{"type":"string","description":"Any attributes that aren't yet supported by this provider but have meanwhile gotten introduced by a newer version of the Dynatrace REST API","description_kind":"plain","optional":true}},"description":"Fallback for not yet known type","description_kind":"plain"}},"mobile_platform":{"nesting_mode":"list","block":{"attributes":{"negate":{"type":"bool","description":"Reverses the operator. For example it turns the **begins with** into **does not begin with**","description_kind":"plain","optional":true},"operator":{"type":"string","description":"Operator of the comparison. Possible values are EQUALS and EXISTS. You can reverse it by setting **negate** to `true`","description_kind":"plain","required":true},"unknowns":{"type":"string","description":"Any attributes that aren't yet supported by this provider","description_kind":"plain","optional":true},"value":{"type":"string","description":"The value to compare to. Possible values are ANDROID, IOS, LINUX, MAC_OS, OTHER, TVOS and WINDOWS.","description_kind":"plain","optional":true}},"description":"Comparison for `MOBILE_PLATFORM` attributes","description_kind":"plain"}},"mobile_platform_comparison":{"nesting_mode":"list","block":{"attributes":{"negate":{"type":"bool","description":"Reverses the operator. For example it turns the **begins with** into **does not begin with**","description_kind":"plain","optional":true},"operator":{"type":"string","description":"Operator of the comparison. Possible values are EQUALS and EXISTS. You can reverse it by setting **negate** to `true`","description_kind":"plain","required":true},"type":{"type":"string","description":"if specified, needs to be MOBILE_PLATFORM","description_kind":"plain","deprecated":true,"optional":true},"unknowns":{"type":"string","description":"Any attributes that aren't yet supported by this provider","description_kind":"plain","optional":true},"value":{"type":"string","description":"The value to compare to. Possible values are ANDROID, IOS, LINUX, MAC_OS, OTHER, TVOS and WINDOWS.","description_kind":"plain","optional":true}},"description":"Comparison for `MOBILE_PLATFORM` attributes","description_kind":"plain","deprecated":true}},"os_arch":{"nesting_mode":"list","block":{"attributes":{"negate":{"type":"bool","description":"Reverses the operator. For example it turns the **begins with** into **does not begin with**","description_kind":"plain","optional":true},"operator":{"type":"string","description":"Operator of the comparison. Possible values are EQUALS and EXISTS. You can reverse it by setting **negate** to `true`","description_kind":"plain","required":true},"unknowns":{"type":"string","description":"Any attributes that aren't yet supported by this provider","description_kind":"plain","optional":true},"value":{"type":"string","description":"The value to compare to. Possible values are ARM, IA64, PARISC, PPC, PPCLE, S390, SPARC, X86 and ZOS.","description_kind":"plain","optional":true}},"description":"Comparison for `OS_ARCHITECTURE` attributes","description_kind":"plain"}},"os_type":{"nesting_mode":"list","block":{"attributes":{"negate":{"type":"bool","description":"Reverses the operator. For example it turns the **begins with** into **does not begin with**","description_kind":"plain","optional":true},"operator":{"type":"string","description":"Operator of the comparison. Possible values are EQUALS and EXISTS. You can reverse it by setting **negate** to `true`","description_kind":"plain","required":true},"unknowns":{"type":"string","description":"Any attributes that aren't yet supported by this provider","description_kind":"plain","optional":true},"value":{"type":"string","description":"The value to compare to. Possible values are AIX, DARWIN, HPUX, LINUX, SOLARIS, WINDOWS and ZOS.","description_kind":"plain","optional":true}},"description":"Comparison for `OS_TYPE` attributes","description_kind":"plain"}},"osarchitecture_comparison":{"nesting_mode":"list","block":{"attributes":{"negate":{"type":"bool","description":"Reverses the operator. For example it turns the **begins with** into **does not begin with**","description_kind":"plain","optional":true},"operator":{"type":"string","description":"Operator of the comparison. Possible values are EQUALS and EXISTS. You can reverse it by setting **negate** to `true`","description_kind":"plain","required":true},"type":{"type":"string","description":"if specified, needs to be OS_ARCHITECTURE","description_kind":"plain","deprecated":true,"optional":true},"unknowns":{"type":"string","description":"Any attributes that aren't yet supported by this provider","description_kind":"plain","optional":true},"value":{"type":"string","description":"The value to compare to. Possible values are ARM, IA64, PARISC, PPC, PPCLE, S390, SPARC, X86 and ZOS.","description_kind":"plain","optional":true}},"description":"Comparison for `OS_ARCHITECTURE` attributes","description_kind":"plain","deprecated":true}},"ostype_comparison":{"nesting_mode":"list","block":{"attributes":{"negate":{"type":"bool","description":"Reverses the operator. For example it turns the **begins with** into **does not begin with**","description_kind":"plain","optional":true},"operator":{"type":"string","description":"Operator of the comparison. Possible values are EQUALS and EXISTS. You can reverse it by setting **negate** to `true`","description_kind":"plain","required":true},"type":{"type":"string","description":"if specified, needs to be OS_TYPE","description_kind":"plain","deprecated":true,"optional":true},"unknowns":{"type":"string","description":"Any attributes that aren't yet supported by this provider","description_kind":"plain","optional":true},"value":{"type":"string","description":"The value to compare to. Possible values are AIX, DARWIN, HPUX, LINUX, SOLARIS, WINDOWS and ZOS.","description_kind":"plain","optional":true}},"description":"Comparison for `OS_TYPE` attributes","description_kind":"plain","deprecated":true}},"paas_type":{"nesting_mode":"list","block":{"attributes":{"negate":{"type":"bool","description":"Reverses the operator. For example it turns the **begins with** into **does not begin with**","description_kind":"plain","optional":true},"operator":{"type":"string","description":"Operator of the comparison. Possible values are EQUALS and EXISTS. You can reverse it by setting **negate** to `true`","description_kind":"plain","required":true},"unknowns":{"type":"string","description":"Any attributes that aren't yet supported by this provider","description_kind":"plain","optional":true},"value":{"type":"string","description":"The value to compare to. Possible values are AWS_ECS_EC2, AWS_ECS_FARGATE, AWS_LAMBDA, AZURE_FUNCTIONS, AZURE_WEBSITES, CLOUD_FOUNDRY, GOOGLE_APP_ENGINE, HEROKU, KUBERNETES and OPENSHIFT.","description_kind":"plain","optional":true}},"description":"Comparison for `PAAS_TYPE` attributes","description_kind":"plain"}},"paas_type_comparison":{"nesting_mode":"list","block":{"attributes":{"negate":{"type":"bool","description":"Reverses the operator. For example it turns the **begins with** into **does not begin with**","description_kind":"plain","optional":true},"operator":{"type":"string","description":"Operator of the comparison. Possible values are EQUALS and EXISTS. You can reverse it by setting **negate** to `true`","description_kind":"plain","required":true},"type":{"type":"string","description":"if specified, needs to be PAAS_TYPE","description_kind":"plain","deprecated":true,"optional":true},"unknowns":{"type":"string","description":"Any attributes that aren't yet supported by this provider","description_kind":"plain","optional":true},"value":{"type":"string","description":"The value to compare to. Possible values are AWS_ECS_EC2, AWS_ECS_FARGATE, AWS_LAMBDA, AZURE_FUNCTIONS, AZURE_WEBSITES, CLOUD_FOUNDRY, GOOGLE_APP_ENGINE, HEROKU, KUBERNETES and OPENSHIFT.","description_kind":"plain","optional":true}},"description":"Comparison for `PAAS_TYPE` attributes","description_kind":"plain","deprecated":true}},"process_metadata":{"nesting_mode":"list","block":{"attributes":{"attribute":{"type":"string","description":"The attribute to be used for comparision","description_kind":"plain","required":true},"dynamic_key":{"type":"string","description":"The key of the attribute, which need dynamic keys. Not applicable otherwise, as the attibute itself acts as a key. Possible values are AMAZON_ECR_IMAGE_ACCOUNT_ID,AMAZON_ECR_IMAGE_REGION, AMAZON_LAMBDA_FUNCTION_NAME, AMAZON_REGION, APACHE_CONFIG_PATH, APACHE_SPARK_MASTER_IP_ADDRESS, ASP_DOT_NET_CORE_APPLICATION_PATH, AWS_ECS_CLUSTER, AWS_ECS_CONTAINERNAME, AWS_ECS_FAMILY, AWS_ECS_REVISION, CASSANDRA_CLUSTER_NAME, CATALINA_BASE, CATALINA_HOME, CLOUD_FOUNDRY_APP_ID, CLOUD_FOUNDRY_APP_NAME, CLOUD_FOUNDRY_INSTANCE_INDEX, CLOUD_FOUNDRY_SPACE_ID, CLOUD_FOUNDRY_SPACE_NAME, COLDFUSION_JVM_CONFIG_FILE, COLDFUSION_SERVICE_NAME, COMMAND_LINE_ARGS, DOTNET_COMMAND, DOTNET_COMMAND_PATH, DYNATRACE_CLUSTER_ID, DYNATRACE_NODE_ID, ELASTICSEARCH_CLUSTER_NAME, ELASTICSEARCH_NODE_NAME, EQUINOX_CONFIG_PATH, EXE_NAME, EXE_PATH, GLASS_FISH_DOMAIN_NAME, GLASS_FISH_INSTANCE_NAME, GOOGLE_APP_ENGINE_INSTANCE, GOOGLE_APP_ENGINE_SERVICE, GOOGLE_CLOUD_PROJECT, HYBRIS_BIN_DIRECTORY, HYBRIS_CONFIG_DIRECTORY, HYBRIS_DATA_DIRECTORY, IBM_CICS_REGION, IBM_CTG_NAME, IBM_IMS_CONNECT_REGION, IBM_IMS_CONTROL_REGION, IBM_IMS_MESSAGE_PROCESSING_REGION, IBM_IMS_SOAP_GW_NAME, IBM_INTEGRATION_NODE_NAME, IBM_INTEGRATION_SERVER_NAME, IIS_APP_POOL, IIS_ROLE_NAME, JAVA_JAR_FILE, JAVA_JAR_PATH, JAVA_MAIN_CLASS, JAVA_MAIN_MODULE, JBOSS_HOME, JBOSS_MODE, JBOSS_SERVER_NAME, KUBERNETES_BASE_POD_NAME, KUBERNETES_CONTAINER_NAME, KUBERNETES_FULL_POD_NAME, KUBERNETES_NAMESPACE, KUBERNETES_POD_UID, MSSQL_INSTANCE_NAME, NODE_JS_APP_BASE_DIRECTORY, NODE_JS_APP_NAME, NODE_JS_SCRIPT_NAME, ORACLE_SID, PG_ID_CALC_INPUT_KEY_LINKAGE, PHP_SCRIPT_PATH, PHP_WORKING_DIRECTORY, RUBY_APP_ROOT_PATH, RUBY_SCRIPT_PATH, RULE_RESULT, SOFTWAREAG_INSTALL_ROOT, SOFTWAREAG_PRODUCTPROPNAME, SPRINGBOOT_APP_NAME, SPRINGBOOT_PROFILE_NAME, SPRINGBOOT_STARTUP_CLASS, TIBCO_BUSINESSWORKS_CE_APP_NAME, TIBCO_BUSINESSWORKS_CE_VERSION, TIBCO_BUSINESS_WORKS_APP_NODE_NAME, TIBCO_BUSINESS_WORKS_APP_SPACE_NAME, TIBCO_BUSINESS_WORKS_DOMAIN_NAME, TIBCO_BUSINESS_WORKS_ENGINE_PROPERTY_FILE, TIBCO_BUSINESS_WORKS_ENGINE_PROPERTY_FILE_PATH, TIBCO_BUSINESS_WORKS_HOME, VARNISH_INSTANCE_NAME, WEB_LOGIC_CLUSTER_NAME, WEB_LOGIC_DOMAIN_NAME, WEB_LOGIC_HOME, WEB_LOGIC_NAME, WEB_SPHERE_CELL_NAME, WEB_SPHERE_CLUSTER_NAME, WEB_SPHERE_NODE_NAME and WEB_SPHERE_SERVER_NAME","description_kind":"plain","required":true},"unknowns":{"type":"string","description":"Any attributes that aren't yet supported by this provider but have meanwhile gotten introduced by a newer version of the Dynatrace REST API","description_kind":"plain","optional":true}},"description":"The key for dynamic attributes of the `PROCESS_PREDEFINED_METADATA_KEY` type","description_kind":"plain"}},"process_metadata_condition_key":{"nesting_mode":"list","block":{"attributes":{"attribute":{"type":"string","description":"The attribute to be used for comparision","description_kind":"plain","required":true},"dynamic_key":{"type":"string","description":"The key of the attribute, which need dynamic keys. Not applicable otherwise, as the attibute itself acts as a key. Possible values are AMAZON_ECR_IMAGE_ACCOUNT_ID,AMAZON_ECR_IMAGE_REGION, AMAZON_LAMBDA_FUNCTION_NAME, AMAZON_REGION, APACHE_CONFIG_PATH, APACHE_SPARK_MASTER_IP_ADDRESS, ASP_DOT_NET_CORE_APPLICATION_PATH, AWS_ECS_CLUSTER, AWS_ECS_CONTAINERNAME, AWS_ECS_FAMILY, AWS_ECS_REVISION, CASSANDRA_CLUSTER_NAME, CATALINA_BASE, CATALINA_HOME, CLOUD_FOUNDRY_APP_ID, CLOUD_FOUNDRY_APP_NAME, CLOUD_FOUNDRY_INSTANCE_INDEX, CLOUD_FOUNDRY_SPACE_ID, CLOUD_FOUNDRY_SPACE_NAME, COLDFUSION_JVM_CONFIG_FILE, COLDFUSION_SERVICE_NAME, COMMAND_LINE_ARGS, DOTNET_COMMAND, DOTNET_COMMAND_PATH, DYNATRACE_CLUSTER_ID, DYNATRACE_NODE_ID, ELASTICSEARCH_CLUSTER_NAME, ELASTICSEARCH_NODE_NAME, EQUINOX_CONFIG_PATH, EXE_NAME, EXE_PATH, GLASS_FISH_DOMAIN_NAME, GLASS_FISH_INSTANCE_NAME, GOOGLE_APP_ENGINE_INSTANCE, GOOGLE_APP_ENGINE_SERVICE, GOOGLE_CLOUD_PROJECT, HYBRIS_BIN_DIRECTORY, HYBRIS_CONFIG_DIRECTORY, HYBRIS_DATA_DIRECTORY, IBM_CICS_REGION, IBM_CTG_NAME, IBM_IMS_CONNECT_REGION, IBM_IMS_CONTROL_REGION, IBM_IMS_MESSAGE_PROCESSING_REGION, IBM_IMS_SOAP_GW_NAME, IBM_INTEGRATION_NODE_NAME, IBM_INTEGRATION_SERVER_NAME, IIS_APP_POOL, IIS_ROLE_NAME, JAVA_JAR_FILE, JAVA_JAR_PATH, JAVA_MAIN_CLASS, JAVA_MAIN_MODULE, JBOSS_HOME, JBOSS_MODE, JBOSS_SERVER_NAME, KUBERNETES_BASE_POD_NAME, KUBERNETES_CONTAINER_NAME, KUBERNETES_FULL_POD_NAME, KUBERNETES_NAMESPACE, KUBERNETES_POD_UID, MSSQL_INSTANCE_NAME, NODE_JS_APP_BASE_DIRECTORY, NODE_JS_APP_NAME, NODE_JS_SCRIPT_NAME, ORACLE_SID, PG_ID_CALC_INPUT_KEY_LINKAGE, PHP_SCRIPT_PATH, PHP_WORKING_DIRECTORY, RUBY_APP_ROOT_PATH, RUBY_SCRIPT_PATH, RULE_RESULT, SOFTWAREAG_INSTALL_ROOT, SOFTWAREAG_PRODUCTPROPNAME, SPRINGBOOT_APP_NAME, SPRINGBOOT_PROFILE_NAME, SPRINGBOOT_STARTUP_CLASS, TIBCO_BUSINESSWORKS_CE_APP_NAME, TIBCO_BUSINESSWORKS_CE_VERSION, TIBCO_BUSINESS_WORKS_APP_NODE_NAME, TIBCO_BUSINESS_WORKS_APP_SPACE_NAME, TIBCO_BUSINESS_WORKS_DOMAIN_NAME, TIBCO_BUSINESS_WORKS_ENGINE_PROPERTY_FILE, TIBCO_BUSINESS_WORKS_ENGINE_PROPERTY_FILE_PATH, TIBCO_BUSINESS_WORKS_HOME, VARNISH_INSTANCE_NAME, WEB_LOGIC_CLUSTER_NAME, WEB_LOGIC_DOMAIN_NAME, WEB_LOGIC_HOME, WEB_LOGIC_NAME, WEB_SPHERE_CELL_NAME, WEB_SPHERE_CLUSTER_NAME, WEB_SPHERE_NODE_NAME and WEB_SPHERE_SERVER_NAME","description_kind":"plain","required":true},"type":{"type":"string","description":"if specified, needs to be PROCESS_PREDEFINED_METADATA_KEY","description_kind":"plain","deprecated":true,"optional":true},"unknowns":{"type":"string","description":"Any attributes that aren't yet supported by this provider but have meanwhile gotten introduced by a newer version of the Dynatrace REST API","description_kind":"plain","optional":true}},"description":"The key for dynamic attributes of the `PROCESS_PREDEFINED_METADATA_KEY` type","description_kind":"plain","deprecated":true}},"service_topology":{"nesting_mode":"list","block":{"attributes":{"negate":{"type":"bool","description":"Reverses the operator. For example it turns the **begins with** into **does not begin with**","description_kind":"plain","optional":true},"operator":{"type":"string","description":"Operator of the comparison. Possible values are EQUALS and EXISTS. You can reverse it by setting **negate** to `true`","description_kind":"plain","required":true},"unknowns":{"type":"string","description":"Any attributes that aren't yet supported by this provider","description_kind":"plain","optional":true},"value":{"type":"string","description":"The value to compare to. Possible values are EXTERNAL_SERVICE, FULLY_MONITORED and OPAQUE_SERVICE.","description_kind":"plain","optional":true}},"description":"Comparison for `SERVICE_TOPOLOGY` attributes","description_kind":"plain"}},"service_topology_comparison":{"nesting_mode":"list","block":{"attributes":{"negate":{"type":"bool","description":"Reverses the operator. For example it turns the **begins with** into **does not begin with**","description_kind":"plain","optional":true},"operator":{"type":"string","description":"Operator of the comparison. Possible values are EQUALS and EXISTS. You can reverse it by setting **negate** to `true`","description_kind":"plain","required":true},"type":{"type":"string","description":"if specified, needs to be SERVICE_TOPOLOGY","description_kind":"plain","deprecated":true,"optional":true},"unknowns":{"type":"string","description":"Any attributes that aren't yet supported by this provider","description_kind":"plain","optional":true},"value":{"type":"string","description":"The value to compare to. Possible values are EXTERNAL_SERVICE, FULLY_MONITORED and OPAQUE_SERVICE.","description_kind":"plain","optional":true}},"description":"Comparison for `SERVICE_TOPOLOGY` attributes","description_kind":"plain","deprecated":true}},"service_type":{"nesting_mode":"list","block":{"attributes":{"negate":{"type":"bool","description":"Reverses the operator. For example it turns the **begins with** into **does not begin with**","description_kind":"plain","optional":true},"operator":{"type":"string","description":"Operator of the comparison. Possible values are EQUALS and EXISTS. You can reverse it by setting **negate** to `true`","description_kind":"plain","required":true},"unknowns":{"type":"string","description":"Any attributes that aren't yet supported by this provider","description_kind":"plain","optional":true},"value":{"type":"string","description":"The value to compare to. Possible values are BACKGROUND_ACTIVITY, CICS_SERVICE, CUSTOM_SERVICE, DATABASE_SERVICE, ENTERPRISE_SERVICE_BUS_SERVICE, EXTERNAL, IBM_INTEGRATION_BUS_SERVICE, IMS_SERVICE, MESSAGING_SERVICE, QUEUE_LISTENER_SERVICE, RMI_SERVICE, RPC_SERVICE, WEB_REQUEST_SERVICE and WEB_SERVICE.","description_kind":"plain","optional":true}},"description":"Comparison for `SERVICE_TYPE` attributes","description_kind":"plain"}},"service_type_comparison":{"nesting_mode":"list","block":{"attributes":{"negate":{"type":"bool","description":"Reverses the operator. For example it turns the **begins with** into **does not begin with**","description_kind":"plain","optional":true},"operator":{"type":"string","description":"Operator of the comparison. Possible values are EQUALS and EXISTS. You can reverse it by setting **negate** to `true`","description_kind":"plain","required":true},"type":{"type":"string","description":"if specified, needs to be SERVICE_TYPE","description_kind":"plain","deprecated":true,"optional":true},"unknowns":{"type":"string","description":"Any attributes that aren't yet supported by this provider","description_kind":"plain","optional":true},"value":{"type":"string","description":"The value to compare to. Possible values are BACKGROUND_ACTIVITY, CICS_SERVICE, CUSTOM_SERVICE, DATABASE_SERVICE, ENTERPRISE_SERVICE_BUS_SERVICE, EXTERNAL, IBM_INTEGRATION_BUS_SERVICE, IMS_SERVICE, MESSAGING_SERVICE, QUEUE_LISTENER_SERVICE, RMI_SERVICE, RPC_SERVICE, WEB_REQUEST_SERVICE and WEB_SERVICE.","description_kind":"plain","optional":true}},"description":"Comparison for `SERVICE_TYPE` attributes","description_kind":"plain","deprecated":true}},"simple_host_tech_comparison":{"nesting_mode":"list","block":{"attributes":{"negate":{"type":"bool","description":"Reverses the operator. For example it turns the **begins with** into **does not begin with**","description_kind":"plain","optional":true},"operator":{"type":"string","description":"Operator of the comparison. Possible values are EQUALS and EXISTS. You can reverse it by setting **negate** to `true`","description_kind":"plain","required":true},"type":{"type":"string","description":"if specified, needs to be SIMPLE_HOST_TECH","description_kind":"plain","deprecated":true,"optional":true},"unknowns":{"type":"string","description":"Any attributes that aren't yet supported by this provider","description_kind":"plain","optional":true}},"block_types":{"value":{"nesting_mode":"list","block":{"attributes":{"type":{"type":"string","description":"Predefined technology, if technology is not predefined, then the verbatim type must be set. Possible values are APPARMOR, BOSH, BOSHBPM, CLOUDFOUNDRY, CONTAINERD, CRIO, DIEGO_CELL, DOCKER, GARDEN, GRSECURITY, KUBERNETES, OPENSHIFT, OPENSTACK_COMPUTE, OPENSTACK_CONTROLLER and SELINUX","description_kind":"plain","optional":true},"unknowns":{"type":"string","description":"Any attributes that aren't yet supported by this provider","description_kind":"plain","optional":true},"verbatim_type":{"type":"string","description":"Non-predefined technology, use for custom technologies","description_kind":"plain","optional":true}},"description":"The value to compare to","description_kind":"plain"},"max_items":1}},"description":"Comparison for `SIMPLE_HOST_TECH` attributes","description_kind":"plain","deprecated":true}},"simple_tech_comparison":{"nesting_mode":"list","block":{"attributes":{"negate":{"type":"bool","description":"Reverses the operator. For example it turns the **begins with** into **does not begin with**","description_kind":"plain","optional":true},"operator":{"type":"string","description":"Operator of the comparison. Possible values are EQUALS and EXISTS. You can reverse it by setting **negate** to `true`","description_kind":"plain","required":true},"type":{"type":"string","description":"if specified, needs to be SIMPLE_TECH","description_kind":"plain","deprecated":true,"optional":true},"unknowns":{"type":"string","description":"Any attributes that aren't yet supported by this provider","description_kind":"plain","optional":true}},"block_types":{"value":{"nesting_mode":"list","block":{"attributes":{"type":{"type":"string","description":"Predefined technology, if technology is not predefined, then the verbatim type must be set.","description_kind":"plain","optional":true},"unknowns":{"type":"string","description":"Any attributes that aren't yet supported by this provider","description_kind":"plain","optional":true},"verbatim_type":{"type":"string","description":"Non-predefined technology, use for custom technologies","description_kind":"plain","optional":true}},"description":"The value to compare to","description_kind":"plain"},"max_items":1}},"description":"Comparison for `SIMPLE_TECH` attributes","description_kind":"plain","deprecated":true}},"string":{"nesting_mode":"list","block":{"attributes":{"case_sensitive":{"type":"bool","description":"The comparison is case-sensitive (`true`) or insensitive (`false`)","description_kind":"plain","optional":true},"negate":{"type":"bool","description":"Reverses the operator. For example it turns the **begins with** into **does not begin with**","description_kind":"plain","optional":true},"operator":{"type":"string","description":"Operator of the comparison. Possible values are BEGINS_WITH, CONTAINS, ENDS_WITH, EQUALS, EXISTS and REGEX_MATCHES. You can reverse it by setting **negate** to `true`","description_kind":"plain","required":true},"unknowns":{"type":"string","description":"Any attributes that aren't yet supported by this provider","description_kind":"plain","optional":true},"value":{"type":"string","description":"The value to compare to","description_kind":"plain","optional":true}},"description":"Comparison for `STRING` attributes","description_kind":"plain"}},"string_comparison":{"nesting_mode":"list","block":{"attributes":{"case_sensitive":{"type":"bool","description":"The comparison is case-sensitive (`true`) or insensitive (`false`)","description_kind":"plain","optional":true},"negate":{"type":"bool","description":"Reverses the operator. For example it turns the **begins with** into **does not begin with**","description_kind":"plain","optional":true},"operator":{"type":"string","description":"Operator of the comparison. Possible values are BEGINS_WITH, CONTAINS, ENDS_WITH, EQUALS, EXISTS and REGEX_MATCHES. You can reverse it by setting **negate** to `true`","description_kind":"plain","required":true},"type":{"type":"string","description":"if specified, needs to be STRING","description_kind":"plain","deprecated":true,"optional":true},"unknowns":{"type":"string","description":"Any attributes that aren't yet supported by this provider","description_kind":"plain","optional":true},"value":{"type":"string","description":"The value to compare to","description_kind":"plain","optional":true}},"description":"Comparison for `STRING` attributes","description_kind":"plain","deprecated":true}},"string_condition_key":{"nesting_mode":"list","block":{"attributes":{"attribute":{"type":"string","description":"The attribute to be used for comparision","description_kind":"plain","required":true},"dynamic_key":{"type":"string","description":"The key of the attribute, which need dynamic keys. Not applicable otherwise, as the attibute itself acts as a key. Possible values are\n   - `AMAZON_ECR_IMAGE_ACCOUNT_ID`\n   - `AMAZON_ECR_IMAGE_REGION`\n   - `AMAZON_LAMBDA_FUNCTION_NAME`\n   - `AMAZON_REGION`\n   - `APACHE_CONFIG_PATH`\n   - `APACHE_SPARK_MASTER_IP_ADDRESS`\n   - `ASP_DOT_NET_CORE_APPLICATION_PATH`\n   - `AWS_ECS_CLUSTER`\n   - `AWS_ECS_CONTAINERNAME`\n   - `AWS_ECS_FAMILY`\n   - `AWS_ECS_REVISION`\n   - `CASSANDRA_CLUSTER_NAME`\n   - `CATALINA_BASE`\n   - `CATALINA_HOME`\n   - `CLOUD_FOUNDRY_APP_ID`\n   - `CLOUD_FOUNDRY_APP_NAME`\n   - `CLOUD_FOUNDRY_INSTANCE_INDEX`\n   - `CLOUD_FOUNDRY_SPACE_ID`\n   - `CLOUD_FOUNDRY_SPACE_NAME`\n   - `COLDFUSION_JVM_CONFIG_FILE`\n   - `COLDFUSION_SERVICE_NAME`\n   - `COMMAND_LINE_ARGS`\n   - `DOTNET_COMMAND`\n   - `DOTNET_COMMAND_PATH`\n   - `DYNATRACE_CLUSTER_ID`\n   - `DYNATRACE_NODE_ID`\n   - `ELASTICSEARCH_CLUSTER_NAME`\n   - `ELASTICSEARCH_NODE_NAME`\n   - `EQUINOX_CONFIG_PATH`\n   - `EXE_NAME`\n   - `EXE_PATH`\n   - `GLASS_FISH_DOMAIN_NAME`\n   - `GLASS_FISH_INSTANCE_NAME`\n   - `GOOGLE_APP_ENGINE_INSTANCE`\n   - `GOOGLE_APP_ENGINE_SERVICE`\n   - `GOOGLE_CLOUD_PROJECT`\n   - `HYBRIS_BIN_DIRECTORY`\n   - `HYBRIS_CONFIG_DIRECTORY`\n   - `HYBRIS_DATA_DIRECTORY`\n   - `IBM_CICS_REGION`\n   - `IBM_CTG_NAME`\n   - `IBM_IMS_CONNECT_REGION`\n   - `IBM_IMS_CONTROL_REGION`\n   - `IBM_IMS_MESSAGE_PROCESSING_REGION`\n   - `IBM_IMS_SOAP_GW_NAME`\n   - `IBM_INTEGRATION_NODE_NAME`\n   - `IBM_INTEGRATION_SERVER_NAME`\n   - `IIS_APP_POOL`\n   - `IIS_ROLE_NAME`\n   - `JAVA_JAR_FILE`\n   - `JAVA_JAR_PATH`\n   - `JAVA_MAIN_CLASS`\n   - `JAVA_MAIN_MODULE`\n   - `JBOSS_HOME`\n   - `JBOSS_MODE`\n   - `JBOSS_SERVER_NAME`\n   - `KUBERNETES_BASE_POD_NAME`\n   - `KUBERNETES_CONTAINER_NAME`\n   - `KUBERNETES_FULL_POD_NAME`\n   - `KUBERNETES_NAMESPACE`\n   - `KUBERNETES_POD_UID`\n   - `MSSQL_INSTANCE_NAME`\n   - `NODE_JS_APP_BASE_DIRECTORY`\n   - `NODE_JS_APP_NAME`\n   - `NODE_JS_SCRIPT_NAME`\n   - `ORACLE_SID`\n   - `PG_ID_CALC_INPUT_KEY_LINKAGE`\n   - `PHP_SCRIPT_PATH`\n   - `PHP_WORKING_DIRECTORY`\n   - `RUBY_APP_ROOT_PATH`\n   - `RUBY_SCRIPT_PATH`\n   - `RULE_RESULT`\n   - `SOFTWAREAG_INSTALL_ROOT`\n   - `SOFTWAREAG_PRODUCTPROPNAME`\n   - `SPRINGBOOT_APP_NAME`\n   - `SPRINGBOOT_PROFILE_NAME`\n   - `SPRINGBOOT_STARTUP_CLASS`\n   - `TIBCO_BUSINESSWORKS_CE_APP_NAME`\n   - `TIBCO_BUSINESSWORKS_CE_VERSION`\n   - `TIBCO_BUSINESS_WORKS_APP_NODE_NAME`\n   - `TIBCO_BUSINESS_WORKS_APP_SPACE_NAME`\n   - `TIBCO_BUSINESS_WORKS_DOMAIN_NAME`\n   - `TIBCO_BUSINESS_WORKS_ENGINE_PROPERTY_FILE`\n   - `TIBCO_BUSINESS_WORKS_ENGINE_PROPERTY_FILE_PATH`\n   - `TIBCO_BUSINESS_WORKS_HOME`\n   - `VARNISH_INSTANCE_NAME`\n   - `WEB_LOGIC_CLUSTER_NAME`\n   - `WEB_LOGIC_DOMAIN_NAME`\n   - `WEB_LOGIC_HOME`\n   - `WEB_LOGIC_NAME`\n   - `WEB_SPHERE_CELL_NAME`\n   - `WEB_SPHERE_CLUSTER_NAME`\n   - `WEB_SPHERE_NODE_NAME and WEB_SPHERE_SERVER_NAME`","description_kind":"plain","required":true},"type":{"type":"string","description":"if specified, needs to be `STRING`","description_kind":"plain","deprecated":true,"optional":true},"unknowns":{"type":"string","description":"Any attributes that aren't yet supported by this provider but have meanwhile gotten introduced by a newer version of the Dynatrace REST API","description_kind":"plain","optional":true}},"description":" The key for dynamic attributes of the `STRING` type","description_kind":"plain","deprecated":true}},"string_key":{"nesting_mode":"list","block":{"attributes":{"attribute":{"type":"string","description":"The attribute to be used for comparision","description_kind":"plain","required":true},"dynamic_key":{"type":"string","description":"The key of the attribute, which need dynamic keys. Not applicable otherwise, as the attibute itself acts as a key. Possible values are\n   - `AMAZON_ECR_IMAGE_ACCOUNT_ID`\n   - `AMAZON_ECR_IMAGE_REGION`\n   - `AMAZON_LAMBDA_FUNCTION_NAME`\n   - `AMAZON_REGION`\n   - `APACHE_CONFIG_PATH`\n   - `APACHE_SPARK_MASTER_IP_ADDRESS`\n   - `ASP_DOT_NET_CORE_APPLICATION_PATH`\n   - `AWS_ECS_CLUSTER`\n   - `AWS_ECS_CONTAINERNAME`\n   - `AWS_ECS_FAMILY`\n   - `AWS_ECS_REVISION`\n   - `CASSANDRA_CLUSTER_NAME`\n   - `CATALINA_BASE`\n   - `CATALINA_HOME`\n   - `CLOUD_FOUNDRY_APP_ID`\n   - `CLOUD_FOUNDRY_APP_NAME`\n   - `CLOUD_FOUNDRY_INSTANCE_INDEX`\n   - `CLOUD_FOUNDRY_SPACE_ID`\n   - `CLOUD_FOUNDRY_SPACE_NAME`\n   - `COLDFUSION_JVM_CONFIG_FILE`\n   - `COLDFUSION_SERVICE_NAME`\n   - `COMMAND_LINE_ARGS`\n   - `DOTNET_COMMAND`\n   - `DOTNET_COMMAND_PATH`\n   - `DYNATRACE_CLUSTER_ID`\n   - `DYNATRACE_NODE_ID`\n   - `ELASTICSEARCH_CLUSTER_NAME`\n   - `ELASTICSEARCH_NODE_NAME`\n   - `EQUINOX_CONFIG_PATH`\n   - `EXE_NAME`\n   - `EXE_PATH`\n   - `GLASS_FISH_DOMAIN_NAME`\n   - `GLASS_FISH_INSTANCE_NAME`\n   - `GOOGLE_APP_ENGINE_INSTANCE`\n   - `GOOGLE_APP_ENGINE_SERVICE`\n   - `GOOGLE_CLOUD_PROJECT`\n   - `HYBRIS_BIN_DIRECTORY`\n   - `HYBRIS_CONFIG_DIRECTORY`\n   - `HYBRIS_DATA_DIRECTORY`\n   - `IBM_CICS_REGION`\n   - `IBM_CTG_NAME`\n   - `IBM_IMS_CONNECT_REGION`\n   - `IBM_IMS_CONTROL_REGION`\n   - `IBM_IMS_MESSAGE_PROCESSING_REGION`\n   - `IBM_IMS_SOAP_GW_NAME`\n   - `IBM_INTEGRATION_NODE_NAME`\n   - `IBM_INTEGRATION_SERVER_NAME`\n   - `IIS_APP_POOL`\n   - `IIS_ROLE_NAME`\n   - `JAVA_JAR_FILE`\n   - `JAVA_JAR_PATH`\n   - `JAVA_MAIN_CLASS`\n   - `JAVA_MAIN_MODULE`\n   - `JBOSS_HOME`\n   - `JBOSS_MODE`\n   - `JBOSS_SERVER_NAME`\n   - `KUBERNETES_BASE_POD_NAME`\n   - `KUBERNETES_CONTAINER_NAME`\n   - `KUBERNETES_FULL_POD_NAME`\n   - `KUBERNETES_NAMESPACE`\n   - `KUBERNETES_POD_UID`\n   - `MSSQL_INSTANCE_NAME`\n   - `NODE_JS_APP_BASE_DIRECTORY`\n   - `NODE_JS_APP_NAME`\n   - `NODE_JS_SCRIPT_NAME`\n   - `ORACLE_SID`\n   - `PG_ID_CALC_INPUT_KEY_LINKAGE`\n   - `PHP_SCRIPT_PATH`\n   - `PHP_WORKING_DIRECTORY`\n   - `RUBY_APP_ROOT_PATH`\n   - `RUBY_SCRIPT_PATH`\n   - `RULE_RESULT`\n   - `SOFTWAREAG_INSTALL_ROOT`\n   - `SOFTWAREAG_PRODUCTPROPNAME`\n   - `SPRINGBOOT_APP_NAME`\n   - `SPRINGBOOT_PROFILE_NAME`\n   - `SPRINGBOOT_STARTUP_CLASS`\n   - `TIBCO_BUSINESSWORKS_CE_APP_NAME`\n   - `TIBCO_BUSINESSWORKS_CE_VERSION`\n   - `TIBCO_BUSINESS_WORKS_APP_NODE_NAME`\n   - `TIBCO_BUSINESS_WORKS_APP_SPACE_NAME`\n   - `TIBCO_BUSINESS_WORKS_DOMAIN_NAME`\n   - `TIBCO_BUSINESS_WORKS_ENGINE_PROPERTY_FILE`\n   - `TIBCO_BUSINESS_WORKS_ENGINE_PROPERTY_FILE_PATH`\n   - `TIBCO_BUSINESS_WORKS_HOME`\n   - `VARNISH_INSTANCE_NAME`\n   - `WEB_LOGIC_CLUSTER_NAME`\n   - `WEB_LOGIC_DOMAIN_NAME`\n   - `WEB_LOGIC_HOME`\n   - `WEB_LOGIC_NAME`\n   - `WEB_SPHERE_CELL_NAME`\n   - `WEB_SPHERE_CLUSTER_NAME`\n   - `WEB_SPHERE_NODE_NAME and WEB_SPHERE_SERVER_NAME`","description_kind":"plain","required":true},"unknowns":{"type":"string","description":"Any attributes that aren't yet supported by this provider but have meanwhile gotten introduced by a newer version of the Dynatrace REST API","description_kind":"plain","optional":true}},"description":" The key for dynamic attributes of the `STRING` type","description_kind":"plain"}},"synthetic_engine":{"nesting_mode":"list","block":{"attributes":{"negate":{"type":"bool","description":"Reverses the operator. For example it turns the **begins with** into **does not begin with**","description_kind":"plain","optional":true},"operator":{"type":"string","description":"Operator of the comparison. Possible values are  EQUALS and EXISTS. You can reverse it by setting **negate** to `true`","description_kind":"plain","required":true},"unknowns":{"type":"string","description":"Any attributes that aren't yet supported by this provider","description_kind":"plain","optional":true},"value":{"type":"string","description":"The value to compare to. Possible values are CLASSIC and CUSTOM","description_kind":"plain","optional":true}},"description":"Comparison for `SYNTHETIC_ENGINE_TYPE` attributes","description_kind":"plain"}},"synthetic_engine_type_comparison":{"nesting_mode":"list","block":{"attributes":{"negate":{"type":"bool","description":"Reverses the operator. For example it turns the **begins with** into **does not begin with**","description_kind":"plain","optional":true},"operator":{"type":"string","description":"Operator of the comparison. Possible values are  EQUALS and EXISTS. You can reverse it by setting **negate** to `true`","description_kind":"plain","required":true},"type":{"type":"string","description":"if specified, needs to be SYNTHETIC_ENGINE_TYPE","description_kind":"plain","deprecated":true,"optional":true},"unknowns":{"type":"string","description":"Any attributes that aren't yet supported by this provider","description_kind":"plain","optional":true},"value":{"type":"string","description":"The value to compare to. Possible values are CLASSIC and CUSTOM","description_kind":"plain","optional":true}},"description":"Comparison for `SYNTHETIC_ENGINE_TYPE` attributes","description_kind":"plain","deprecated":true}},"tag":{"nesting_mode":"list","block":{"attributes":{"negate":{"type":"bool","description":"Reverses the operator. For example it turns the **begins with** into **does not begin with**","description_kind":"plain","optional":true},"operator":{"type":"string","description":"Operator of the comparison. Possible values are EQUALS and TAG_KEY_EQUALS. You can reverse it by setting **negate** to `true`","description_kind":"plain","required":true},"unknowns":{"type":"string","description":"Any attributes that aren't yet supported by this provider","description_kind":"plain","optional":true}},"block_types":{"value":{"nesting_mode":"list","block":{"attributes":{"context":{"type":"string","description":"The origin of the tag, such as AWS or Cloud Foundry. Possible values are AWS, AWS_GENERIC, AZURE, CLOUD_FOUNDRY, CONTEXTLESS, ENVIRONMENT, GOOGLE_CLOUD and KUBERNETES. Custom tags use the `CONTEXTLESS` value","description_kind":"plain","required":true},"key":{"type":"string","description":"The key of the tag. Custom tags have the tag value here","description_kind":"plain","required":true},"unknowns":{"type":"string","description":"Any attributes that aren't yet supported by this provider but have meanwhile gotten introduced by a newer version of the Dynatrace REST API","description_kind":"plain","optional":true},"value":{"type":"string","description":"The value of the tag. Not applicable to custom tags","description_kind":"plain","optional":true}},"description":"Tag of a Dynatrace entity","description_kind":"plain"},"max_items":1}},"description":"Comparison for `TAG` attributes","description_kind":"plain"}},"tag_comparison":{"nesting_mode":"list","block":{"attributes":{"negate":{"type":"bool","description":"Reverses the operator. For example it turns the **begins with** into **does not begin with**","description_kind":"plain","optional":true},"operator":{"type":"string","description":"Operator of the comparison. Possible values are EQUALS and TAG_KEY_EQUALS. You can reverse it by setting **negate** to `true`","description_kind":"plain","required":true},"type":{"type":"string","description":"if specified, needs to be TAG","description_kind":"plain","deprecated":true,"optional":true},"unknowns":{"type":"string","description":"Any attributes that aren't yet supported by this provider","description_kind":"plain","optional":true}},"block_types":{"value":{"nesting_mode":"list","block":{"attributes":{"context":{"type":"string","description":"The origin of the tag, such as AWS or Cloud Foundry. Possible values are AWS, AWS_GENERIC, AZURE, CLOUD_FOUNDRY, CONTEXTLESS, ENVIRONMENT, GOOGLE_CLOUD and KUBERNETES. Custom tags use the `CONTEXTLESS` value","description_kind":"plain","required":true},"key":{"type":"string","description":"The key of the tag. Custom tags have the tag value here","description_kind":"plain","required":true},"unknowns":{"type":"string","description":"Any attributes that aren't yet supported by this provider but have meanwhile gotten introduced by a newer version of the Dynatrace REST API","description_kind":"plain","optional":true},"value":{"type":"string","description":"The value of the tag. Not applicable to custom tags","description_kind":"plain","optional":true}},"description":"Tag of a Dynatrace entity","description_kind":"plain"},"max_items":1}},"description":"Comparison for `TAG` attributes","description_kind":"plain","deprecated":true}},"tech":{"nesting_mode":"list","block":{"attributes":{"negate":{"type":"bool","description":"Reverses the operator. For example it turns the **begins with** into **does not begin with**","description_kind":"plain","optional":true},"operator":{"type":"string","description":"Operator of the comparison. Possible values are EQUALS and EXISTS. You can reverse it by setting **negate** to `true`","description_kind":"plain","required":true},"unknowns":{"type":"string","description":"Any attributes that aren't yet supported by this provider","description_kind":"plain","optional":true}},"block_types":{"value":{"nesting_mode":"list","block":{"attributes":{"type":{"type":"string","description":"Predefined technology, if technology is not predefined, then the verbatim type must be set.","description_kind":"plain","optional":true},"unknowns":{"type":"string","description":"Any attributes that aren't yet supported by this provider","description_kind":"plain","optional":true},"verbatim_type":{"type":"string","description":"Non-predefined technology, use for custom technologies","description_kind":"plain","optional":true}},"description":"The value to compare to","description_kind":"plain"},"max_items":1}},"description":"Comparison for `SIMPLE_TECH` attributes","description_kind":"plain"}}},"description":"A list of matching rules for the management zone. The management zone applies only if **all** conditions are fulfilled","description_kind":"plain"}}},"description":"A list of rules for management zone usage.  Each rule is evaluated independently of all other rules","description_kind":"plain"}}},"description_kind":"plain"}},"dynatrace_mobile_application":{"version":0,"block":{"attributes":{"application_id":{"type":"string","description":"The UUID of the application.\n\nIt is used only by OneAgent to send data to Dynatrace. If not specified it will get generated.","description_kind":"plain","optional":true},"beacon_endpoint_type":{"type":"string","description":"The type of the beacon endpoint. Possible values are `CLUSTER_ACTIVE_GATE`, `ENVIRONMENT_ACTIVE_GATE` and `INSTRUMENTED_WEB_SERVER`.","description_kind":"plain","required":true},"beacon_endpoint_url":{"type":"string","description":"The URL of the beacon endpoint.\n\nOnly applicable when the **beacon_endpoint_type** is set to `ENVIRONMENT_ACTIVE_GATE` or `INSTRUMENTED_WEB_SERVER`","description_kind":"plain","required":true},"id":{"type":"string","description_kind":"plain","optional":true,"computed":true},"key_user_actions":{"type":["set","string"],"description":"User Action names to be flagged as Key User Actions","description_kind":"plain","optional":true},"name":{"type":"string","description":"The name of the application","description_kind":"plain","required":true},"opt_in_mode":{"type":"bool","description":"The opt-in mode is enabled (`true`) or disabled (`false`)","description_kind":"plain","optional":true},"session_replay":{"type":"bool","description":"The session replay is enabled (`true`) or disabled (`false`).","description_kind":"plain","optional":true},"session_replay_on_crash":{"type":"bool","description":"The session replay on crash is enabled (`true`) or disabled (`false`). \n\nEnabling requires both **sessionReplayEnabled** and **optInModeEnabled** values set to `true`.","description_kind":"plain","optional":true},"user_session_percentage":{"type":"number","description":"The percentage of user sessions to be analyzed","description_kind":"plain","optional":true}},"block_types":{"apdex":{"nesting_mode":"list","block":{"attributes":{"frustrated":{"type":"number","description":"Apdex **frustrated** threshold, in milliseconds: a duration greater than or equal to this value is considered frustrated","description_kind":"plain","required":true},"frustrated_on_error":{"type":"bool","description":"Apdex error condition: if `true` the user session is considered frustrated when an error is reported","description_kind":"plain","optional":true},"tolerable":{"type":"number","description":"Apdex **tolerable** threshold, in milliseconds: a duration greater than or equal to this value is considered tolerable","description_kind":"plain","required":true}},"description":"Apdex configuration of a mobile application. A duration less than the **tolerable** threshold is considered satisfied","description_kind":"plain"},"min_items":1,"max_items":1},"properties":{"nesting_mode":"list","block":{"block_types":{"api_value":{"nesting_mode":"list","block":{"attributes":{"aggregation":{"type":"string","description":"The aggregation type of the property. It defines how multiple values of the property are aggregated. Possible values are `SUM`, `MIN`, `MAX`, `FIRST` and `LAST`","description_kind":"plain","optional":true},"cleanup_rule":{"type":"string","description":"The cleanup rule of the property. Defines how to extract the data you need from a string value. Specify the [regular expression](https://dt-url.net/k9e0iaq) for the data you need there","description_kind":"plain","optional":true},"display_name":{"type":"string","description":"The display name of the property","description_kind":"plain","optional":true},"key":{"type":"string","description":"The unique key of the mobile session or user action property","description_kind":"plain","required":true},"name":{"type":"string","description":"The name of the reported value","description_kind":"plain","optional":true},"store_as_session_property":{"type":"bool","description":"If `true`, the property is stored as a session property","description_kind":"plain","optional":true},"store_as_user_action_property":{"type":"bool","description":"If `true`, the property is stored as a user action property","description_kind":"plain","optional":true},"type":{"type":"string","description":"The data type of the property. Possible values are `DOUBLE`, `LONG` and `STRING`","description_kind":"plain","required":true}},"description":"A User Action / Session Property based on a value reported by the API","description_kind":"plain"}},"request_attribute":{"nesting_mode":"list","block":{"attributes":{"aggregation":{"type":"string","description":"The aggregation type of the property. It defines how multiple values of the property are aggregated. Possible values are `SUM`, `MIN`, `MAX`, `FIRST` and `LAST`","description_kind":"plain","optional":true},"cleanup_rule":{"type":"string","description":"The cleanup rule of the property. Defines how to extract the data you need from a string value. Specify the [regular expression](https://dt-url.net/k9e0iaq) for the data you need there","description_kind":"plain","optional":true},"display_name":{"type":"string","description":"The display name of the property","description_kind":"plain","optional":true},"id":{"type":"string","description":"The ID of the request attribute","description_kind":"plain","required":true},"key":{"type":"string","description":"The unique key of the mobile session or user action property","description_kind":"plain","required":true},"store_as_session_property":{"type":"bool","description":"If `true`, the property is stored as a session property","description_kind":"plain","optional":true},"store_as_user_action_property":{"type":"bool","description":"If `true`, the property is stored as a user action property","description_kind":"plain","optional":true},"type":{"type":"string","description":"The data type of the property. Possible values are `DOUBLE`, `LONG` and `STRING`. The value MUST match the data type of the Request Attribute.","description_kind":"plain","required":true}},"description":"A User Action / Session Property based on a Server Side Request Attribute","description_kind":"plain"}}},"description":"User Action and Session Properties","description_kind":"plain"},"max_items":1}},"description_kind":"plain"}},"dynatrace_notification":{"version":0,"block":{"attributes":{"id":{"type":"string","description_kind":"plain","optional":true,"computed":true}},"block_types":{"ansible_tower":{"nesting_mode":"list","block":{"attributes":{"accept_any_certificate":{"type":"bool","description":"Accept any, including self-signed and invalid, SSL certificate (`true`) or only trusted (`false`) certificates","description_kind":"plain","required":true},"active":{"type":"bool","description":"The configuration is enabled (`true`) or disabled (`false`)","description_kind":"plain","required":true},"alerting_profile":{"type":"string","description":"The ID of the associated alerting profile","description_kind":"plain","required":true},"custom_message":{"type":"string","description":"The custom message of the notification.   This message will be displayed in the extra variables **Message** field of your job template.  You can use the following placeholders:  * `{ImpactedEntities}`: Details about the entities impacted by the problem in form of a JSON array.  * `{ImpactedEntity}`: The entity impacted by the problem or *X* impacted entities.  * `{PID}`: The ID of the reported problem.  * `{ProblemDetailsText}`: All problem event details, including root cause, as a text-formatted string.  * `{ProblemID}`: The display number of the reported problem.  * `{ProblemImpact}`: The [impact level](https://www.dynatrace.com/support/help/shortlink/impact-analysis) of the problem. Possible values are `APPLICATION`, `SERVICE`, and `INFRASTRUCTURE`.  * `{ProblemSeverity}`: The [severity level](https://www.dynatrace.com/support/help/shortlink/event-types) of the problem. Possible values are `AVAILABILITY`, `ERROR`, `PERFORMANCE`, `RESOURCE_CONTENTION`, and `CUSTOM_ALERT`.  * `{ProblemTitle}`: A short description of the problem.  * `{ProblemURL}`: The URL of the problem within Dynatrace.  * `{State}`: The state of the problem. Possible values are `OPEN` and `RESOLVED`.  * `{Tags}`: The list of tags that are defined for all impacted entities, separated by commas","description_kind":"plain","required":true},"job_template_id":{"type":"number","description":"The ID of the target Ansible Tower job template","description_kind":"plain","required":true},"job_template_url":{"type":"string","description":"The URL of the target Ansible Tower job template","description_kind":"plain","required":true},"name":{"type":"string","description":"The name of the notification configuration","description_kind":"plain","required":true},"password":{"type":"string","description":"The password for the Ansible Tower account","description_kind":"plain","optional":true},"unknowns":{"type":"string","description":"allows for configuring properties that are not explicitly supported by the current version of this provider","description_kind":"plain","optional":true},"username":{"type":"string","description":"The username of the Ansible Tower account","description_kind":"plain","required":true}},"description":"Configuration for Ansible Tower Notification","description_kind":"plain"},"max_items":1},"config":{"nesting_mode":"list","block":{"attributes":{"active":{"type":"bool","description":"The configuration is enabled (`true`) or disabled (`false`)","description_kind":"plain","required":true},"alerting_profile":{"type":"string","description":"The ID of the associated alerting profile","description_kind":"plain","required":true},"name":{"type":"string","description":"The name of the notification configuration","description_kind":"plain","required":true},"type":{"type":"string","description":"Defines the actual set of fields depending on the value. See one of the following objects:  * `EMAIL` -\u003e EmailNotificationConfig  * `PAGER_DUTY` -\u003e PagerDutyNotificationConfig  * `WEBHOOK` -\u003e WebHookNotificationConfig  * `SLACK` -\u003e SlackNotificationConfig  * `HIPCHAT` -\u003e HipChatNotificationConfig  * `VICTOROPS` -\u003e VictorOpsNotificationConfig  * `SERVICE_NOW` -\u003e ServiceNowNotificationConfig  * `XMATTERS` -\u003e XMattersNotificationConfig  * `ANSIBLETOWER` -\u003e AnsibleTowerNotificationConfig  * `OPS_GENIE` -\u003e OpsGenieNotificationConfig  * `JIRA` -\u003e JiraNotificationConfig  * `TRELLO` -\u003e TrelloNotificationConfig","description_kind":"plain","required":true},"unknowns":{"type":"string","description":"allows for configuring properties that are not explicitly supported by the current version of this provider","description_kind":"plain","optional":true}},"description":"Configuration for Generic Notification","description_kind":"plain"},"max_items":1},"email":{"nesting_mode":"list","block":{"attributes":{"active":{"type":"bool","description":"The configuration is enabled (`true`) or disabled (`false`)","description_kind":"plain","required":true},"alerting_profile":{"type":"string","description":"The ID of the associated alerting profile","description_kind":"plain","required":true},"bcc_receivers":{"type":["set","string"],"description":"The list of the email BCC-recipients","description_kind":"plain","optional":true},"body":{"type":"string","description":"The template of the email notification.  You can use the following placeholders:  * `{ImpactedEntities}`: Details about the entities impacted by the problem in form of a JSON array.  * `{ImpactedEntity}`: The entity impacted by the problem or *X* impacted entities.  * `{PID}`: The ID of the reported problem.  * `{ProblemDetailsHTML}`: All problem event details, including root cause, as an HTML-formatted string.  * `{ProblemDetailsJSON}`: All problem event details, including root cause, as a JSON object.  * `{ProblemDetailsMarkdown}`: All problem event details, including root cause, as a [Markdown-formatted](https://www.markdownguide.org/cheat-sheet/) string.  * `{ProblemDetailsText}`: All problem event details, including root cause, as a text-formatted string.  * `{ProblemID}`: The display number of the reported problem.  * `{ProblemImpact}`: The [impact level](https://www.dynatrace.com/support/help/shortlink/impact-analysis) of the problem. Possible values are `APPLICATION`, `SERVICE`, and `INFRASTRUCTURE`.  * `{ProblemSeverity}`: The [severity level](https://www.dynatrace.com/support/help/shortlink/event-types) of the problem. Possible values are `AVAILABILITY`, `ERROR`, `PERFORMANCE`, `RESOURCE_CONTENTION`, and `CUSTOM_ALERT`.  * `{ProblemTitle}`: A short description of the problem.  * `{ProblemURL}`: The URL of the problem within Dynatrace.  * `{State}`: The state of the problem. Possible values are `OPEN` and `RESOLVED`.  * `{Tags}`: The list of tags that are defined for all impacted entities, separated by commas","description_kind":"plain","required":true},"cc_receivers":{"type":["set","string"],"description":"The list of the email CC-recipients","description_kind":"plain","optional":true},"name":{"type":"string","description":"The name of the notification configuration","description_kind":"plain","required":true},"receivers":{"type":["set","string"],"description":"The list of the email recipients","description_kind":"plain","optional":true},"subject":{"type":"string","description":"The subject of the email notifications","description_kind":"plain","required":true},"unknowns":{"type":"string","description":"allows for configuring properties that are not explicitly supported by the current version of this provider","description_kind":"plain","optional":true}},"description":"Configuration for Email Notification","description_kind":"plain"},"max_items":1},"hipchat":{"nesting_mode":"list","block":{"attributes":{"active":{"type":"bool","description":"The configuration is enabled (`true`) or disabled (`false`)","description_kind":"plain","required":true},"alerting_profile":{"type":"string","description":"The ID of the associated alerting profile","description_kind":"plain","required":true},"message":{"type":"string","description":"The content of the notification message.  You can use the following placeholders:  * `{ImpactedEntity}`: The entity impacted by the problem or *X* impacted entities.  * `{PID}`: The ID of the reported problem.  * `{ProblemDetailsText}`: All problem event details, including root cause, as a text-formatted string.  * `{ProblemID}`: The display number of the reported problem.  * `{ProblemImpact}`: The [impact level](https://www.dynatrace.com/support/help/shortlink/impact-analysis) of the problem. Possible values are `APPLICATION`, `SERVICE`, and `INFRASTRUCTURE`.  * `{ProblemSeverity}`: The [severity level](https://www.dynatrace.com/support/help/shortlink/event-types) of the problem. Possible values are `AVAILABILITY`, `ERROR`, `PERFORMANCE`, `RESOURCE_CONTENTION`, and `CUSTOM_ALERT`.  * `{ProblemTitle}`: A short description of the problem.  * `{ProblemURL}`: The URL of the problem within Dynatrace.  * `{State}`: The state of the problem. Possible values are `OPEN` and `RESOLVED`.  * `{Tags}`: The list of tags that are defined for all impacted entities, separated by commas","description_kind":"plain","required":true},"name":{"type":"string","description":"The name of the notification configuration","description_kind":"plain","required":true},"unknowns":{"type":"string","description":"allows for configuring properties that are not explicitly supported by the current version of this provider","description_kind":"plain","optional":true},"url":{"type":"string","description":"The URL of the HipChat WebHook.  This is confidential information, therefore GET requests return this field with the `null` value, and it is optional for PUT requests","description_kind":"plain","optional":true}},"description":"Configuration for HipChat Notification","description_kind":"plain"},"max_items":1},"jira":{"nesting_mode":"list","block":{"attributes":{"active":{"type":"bool","description":"The configuration is enabled (`true`) or disabled (`false`)","description_kind":"plain","required":true},"alerting_profile":{"type":"string","description":"The ID of the associated alerting profile","description_kind":"plain","required":true},"description":{"type":"string","description":"The description of the Jira issue to be created by this notification.   You can use same placeholders as in issue summary","description_kind":"plain","required":true},"issue_type":{"type":"string","description":"The type of the Jira issue to be created by this notification","description_kind":"plain","required":true},"name":{"type":"string","description":"The name of the notification configuration","description_kind":"plain","required":true},"password":{"type":"string","description":"The password for the Jira profile","description_kind":"plain","optional":true},"project_key":{"type":"string","description":"The project key of the Jira issue to be created by this notification","description_kind":"plain","required":true},"summary":{"type":"string","description":"The summary of the Jira issue to be created by this notification.  You can use the following placeholders:  * `{ImpactedEntity}`: The entity impacted by the problem or *X* impacted entities.  * `{PID}`: The ID of the reported problem.  * `{ProblemDetailsText}`: All problem event details, including root cause, as a text-formatted string.  * `{ProblemID}`: The display number of the reported problem.  * `{ProblemImpact}`: The [impact level](https://www.dynatrace.com/support/help/shortlink/impact-analysis) of the problem. Possible values are `APPLICATION`, `SERVICE`, and `INFRASTRUCTURE`.  * `{ProblemSeverity}`: The [severity level](https://www.dynatrace.com/support/help/shortlink/event-types) of the problem. Possible values are `AVAILABILITY`, `ERROR`, `PERFORMANCE`, `RESOURCE_CONTENTION`, and `CUSTOM_ALERT`.  * `{ProblemTitle}`: A short description of the problem.  * `{ProblemURL}`: The URL of the problem within Dynatrace.  * `{State}`: The state of the problem. Possible values are `OPEN` and `RESOLVED`.  * `{Tags}`: The list of tags that are defined for all impacted entities, separated by commas","description_kind":"plain","required":true},"unknowns":{"type":"string","description":"allows for configuring properties that are not explicitly supported by the current version of this provider","description_kind":"plain","optional":true},"url":{"type":"string","description":"The URL of the Jira API endpoint","description_kind":"plain","required":true},"username":{"type":"string","description":"The username of the Jira profile","description_kind":"plain","required":true}},"description":"Configuration for Jira Notification","description_kind":"plain"},"max_items":1},"ops_genie":{"nesting_mode":"list","block":{"attributes":{"active":{"type":"bool","description":"The configuration is enabled (`true`) or disabled (`false`)","description_kind":"plain","required":true},"alerting_profile":{"type":"string","description":"The ID of the associated alerting profile","description_kind":"plain","required":true},"api_key":{"type":"string","description":"The API key to access OpsGenie","description_kind":"plain","optional":true},"domain":{"type":"string","description":"The region domain of the OpsGenie","description_kind":"plain","required":true},"message":{"type":"string","description":"The content of the message.  You can use the following placeholders:  * `{ProblemID}`: The display number of the reported problem.  * `{ProblemImpact}`: The [impact level](https://www.dynatrace.com/support/help/shortlink/impact-analysis) of the problem. Possible values are `APPLICATION`, `SERVICE`, and `INFRASTRUCTURE`.  * `{ProblemSeverity}`: The [severity level](https://www.dynatrace.com/support/help/shortlink/event-types) of the problem. Possible values are `AVAILABILITY`, `ERROR`, `PERFORMANCE`, `RESOURCE_CONTENTION`, and `CUSTOM_ALERT`.  * `{ProblemTitle}`: A short description of the problem","description_kind":"plain","required":true},"name":{"type":"string","description":"The name of the notification configuration","description_kind":"plain","required":true},"unknowns":{"type":"string","description":"allows for configuring properties that are not explicitly supported by the current version of this provider","description_kind":"plain","optional":true}},"description":"Configuration for OpsGenie Notification","description_kind":"plain"},"max_items":1},"pager_duty":{"nesting_mode":"list","block":{"attributes":{"account":{"type":"string","description":"The name of the PagerDuty account","description_kind":"plain","required":true},"active":{"type":"bool","description":"The configuration is enabled (`true`) or disabled (`false`)","description_kind":"plain","required":true},"alerting_profile":{"type":"string","description":"The ID of the associated alerting profile","description_kind":"plain","required":true},"name":{"type":"string","description":"The name of the notification configuration","description_kind":"plain","required":true},"service_api_key":{"type":"string","description":"The API key to access PagerDuty","description_kind":"plain","optional":true},"service_name":{"type":"string","description":"The name of the service","description_kind":"plain","required":true},"unknowns":{"type":"string","description":"allows for configuring properties that are not explicitly supported by the current version of this provider","description_kind":"plain","optional":true}},"description":"Configuration for PagerDuty Notification","description_kind":"plain"},"max_items":1},"service_now":{"nesting_mode":"list","block":{"attributes":{"active":{"type":"bool","description":"The configuration is enabled (`true`) or disabled (`false`)","description_kind":"plain","required":true},"alerting_profile":{"type":"string","description":"The ID of the associated alerting profile","description_kind":"plain","required":true},"instance_name":{"type":"string","description":"The ServiceNow instance identifier. It refers to the first part of your own ServiceNow URL.   This field is mutually exclusive with the **url** field. You can only use one of them","description_kind":"plain","optional":true},"message":{"type":"string","description":"The content of the ServiceNow description.  You can use the following placeholders:  * `{ImpactedEntity}`: The entity impacted by the problem or *X* impacted entities.  * `{PID}`: The ID of the reported problem.  * `{ProblemDetailsHTML}`: All problem event details, including root cause, as an HTML-formatted string.  * `{ProblemID}`: The display number of the reported problem.  * `{ProblemImpact}`: The [impact level](https://www.dynatrace.com/support/help/shortlink/impact-analysis) of the problem. Possible values are `APPLICATION`, `SERVICE`, and `INFRASTRUCTURE`.  * `{ProblemSeverity}`: The [severity level](https://www.dynatrace.com/support/help/shortlink/event-types) of the problem. Possible values are `AVAILABILITY`, `ERROR`, `PERFORMANCE`, `RESOURCE_CONTENTION`, and `CUSTOM_ALERT`.  * `{ProblemTitle}`: A short description of the problem.  * `{ProblemURL}`: The URL of the problem within Dynatrace.  * `{State}`: The state of the problem. Possible values are `OPEN` and `RESOLVED`.  * `{Tags}`: The list of tags that are defined for all impacted entities, separated by commas","description_kind":"plain","required":true},"name":{"type":"string","description":"The name of the notification configuration","description_kind":"plain","required":true},"password":{"type":"string","description":"The username to the ServiceNow account","description_kind":"plain","optional":true},"send_events":{"type":"bool","description":"Send events into ServiceNow ITOM (`true`)","description_kind":"plain","required":true},"send_incidents":{"type":"bool","description":"Send incidents into ServiceNow ITSM (`true`)","description_kind":"plain","required":true},"unknowns":{"type":"string","description":"allows for configuring properties that are not explicitly supported by the current version of this provider","description_kind":"plain","optional":true},"url":{"type":"string","description":"The URL of the on-premise ServiceNow installation.   This field is mutually exclusive with the **instanceName** field. You can only use one of them","description_kind":"plain","optional":true},"username":{"type":"string","description":"The username of the ServiceNow account.   Make sure that your user account has the `rest_service`, `web_request_admin`, and `x_dynat_ruxit.Integration` roles","description_kind":"plain","required":true}},"description":"Configuration for ServiceNow Notification","description_kind":"plain"},"max_items":1},"slack":{"nesting_mode":"list","block":{"attributes":{"active":{"type":"bool","description":"The configuration is enabled (`true`) or disabled (`false`)","description_kind":"plain","required":true},"alerting_profile":{"type":"string","description":"The ID of the associated alerting profile","description_kind":"plain","required":true},"channel":{"type":"string","description":"The channel (for example, `#general`) or the user (for example, `@john.smith`) to send the message to","description_kind":"plain","required":true},"name":{"type":"string","description":"The name of the notification configuration","description_kind":"plain","required":true},"title":{"type":"string","description":"The content of the message.  You can use the following placeholders:  * `{ImpactedEntity}`: The entity impacted by the problem or *X* impacted entities.  * `{PID}`: The ID of the reported problem.  * `{ProblemDetailsText}`: All problem event details, including root cause, as a text-formatted string.  * `{ProblemID}`: The display number of the reported problem.  * `{ProblemImpact}`: The [impact level](https://www.dynatrace.com/support/help/shortlink/impact-analysis) of the problem. Possible values are `APPLICATION`, `SERVICE`, and `INFRASTRUCTURE`.  * `{ProblemSeverity}`: The [severity level](https://www.dynatrace.com/support/help/shortlink/event-types) of the problem. Possible values are `AVAILABILITY`, `ERROR`, `PERFORMANCE`, `RESOURCE_CONTENTION`, and `CUSTOM_ALERT`.  * `{ProblemTitle}`: A short description of the problem.  * `{ProblemURL}`: The URL of the problem within Dynatrace.  * `{State}`: The state of the problem. Possible values are `OPEN` and `RESOLVED`.  * `{Tags}`: The list of tags that are defined for all impacted entities, separated by commas","description_kind":"plain","required":true},"unknowns":{"type":"string","description":"allows for configuring properties that are not explicitly supported by the current version of this provider","description_kind":"plain","optional":true},"url":{"type":"string","description":"The URL of the Slack WebHook.  This is confidential information, therefore GET requests return this field with the `null` value, and it is optional for PUT requests","description_kind":"plain","optional":true}},"description":"Configuration for Slack Notification","description_kind":"plain"},"max_items":1},"trello":{"nesting_mode":"list","block":{"attributes":{"active":{"type":"bool","description":"The configuration is enabled (`true`) or disabled (`false`)","description_kind":"plain","required":true},"alerting_profile":{"type":"string","description":"The ID of the associated alerting profile","description_kind":"plain","required":true},"application_key":{"type":"string","description":"The application key for the Trello account","description_kind":"plain","required":true},"authorization_token":{"type":"string","description":"The application token for the Trello account","description_kind":"plain","optional":true},"board_id":{"type":"string","description":"The Trello board to which the card should be assigned","description_kind":"plain","required":true},"description":{"type":"string","description":"The description of the Trello card.   You can use same placeholders as in card text","description_kind":"plain","required":true},"list_id":{"type":"string","description":"The Trello list to which the card should be assigned","description_kind":"plain","required":true},"name":{"type":"string","description":"The name of the notification configuration","description_kind":"plain","required":true},"resolved_list_id":{"type":"string","description":"The Trello list to which the card of the resolved problem should be assigned","description_kind":"plain","required":true},"text":{"type":"string","description":"The text of the generated Trello card.  You can use the following placeholders:  * `{ImpactedEntity}`: The entity impacted by the problem or *X* impacted entities.  * `{PID}`: The ID of the reported problem.  * `{ProblemDetailsMarkdown}`: All problem event details, including root cause, as a [Markdown-formatted](https://www.markdownguide.org/cheat-sheet/) string.  * `{ProblemID}`: The display number of the reported problem.  * `{ProblemImpact}`: The [impact level](https://www.dynatrace.com/support/help/shortlink/impact-analysis) of the problem. Possible values are `APPLICATION`, `SERVICE`, and `INFRASTRUCTURE`.  * `{ProblemSeverity}`: The [severity level](https://www.dynatrace.com/support/help/shortlink/event-types) of the problem. Possible values are `AVAILABILITY`, `ERROR`, `PERFORMANCE`, `RESOURCE_CONTENTION`, and `CUSTOM_ALERT`.  * `{ProblemTitle}`: A short description of the problem.  * `{ProblemURL}`: The URL of the problem within Dynatrace.  * `{State}`: The state of the problem. Possible values are `OPEN` and `RESOLVED`.  * `{Tags}`: The list of tags that are defined for all impacted entities, separated by commas","description_kind":"plain","required":true},"unknowns":{"type":"string","description":"allows for configuring properties that are not explicitly supported by the current version of this provider","description_kind":"plain","optional":true}},"description":"Configuration for Trello Notification","description_kind":"plain"},"max_items":1},"victor_ops":{"nesting_mode":"list","block":{"attributes":{"active":{"type":"bool","description":"The configuration is enabled (`true`) or disabled (`false`)","description_kind":"plain","required":true},"alerting_profile":{"type":"string","description":"The ID of the associated alerting profile","description_kind":"plain","required":true},"api_key":{"type":"string","description":"The API key for the target VictorOps account","description_kind":"plain","optional":true},"message":{"type":"string","description":"The content of the message.  You can use the following placeholders:  * `{ImpactedEntity}`: The entity impacted by the problem or *X* impacted entities.  * `{ProblemDetailsText}`: All problem event details, including root cause, as a text-formatted string.  * `{ProblemID}`: The display number of the reported problem.  * `{ProblemImpact}`: The [impact level](https://www.dynatrace.com/support/help/shortlink/impact-analysis) of the problem. Possible values are `APPLICATION`, `SERVICE`, and `INFRASTRUCTURE`.  * `{ProblemSeverity}`: The [severity level](https://www.dynatrace.com/support/help/shortlink/event-types) of the problem. Possible values are `AVAILABILITY`, `ERROR`, `PERFORMANCE`, `RESOURCE_CONTENTION`, and `CUSTOM_ALERT`.  * `{ProblemTitle}`: A short description of the problem.  * `{ProblemURL}`: The URL of the problem within Dynatrace.  * `{State}`: The state of the problem. Possible values are `OPEN` and `RESOLVED`","description_kind":"plain","required":true},"name":{"type":"string","description":"The name of the notification configuration","description_kind":"plain","required":true},"routing_key":{"type":"string","description":"The routing key, defining the group to be notified","description_kind":"plain","required":true},"unknowns":{"type":"string","description":"allows for configuring properties that are not explicitly supported by the current version of this provider","description_kind":"plain","optional":true}},"description":"Configuration for VictorOps Notification","description_kind":"plain"},"max_items":1},"web_hook":{"nesting_mode":"list","block":{"attributes":{"accept_any_certificate":{"type":"bool","description":"Accept any, including self-signed and invalid, SSL certificate (`true`) or only trusted (`false`) certificates","description_kind":"plain","required":true},"active":{"type":"bool","description":"The configuration is enabled (`true`) or disabled (`false`)","description_kind":"plain","required":true},"alerting_profile":{"type":"string","description":"The ID of the associated alerting profile","description_kind":"plain","required":true},"name":{"type":"string","description":"The name of the notification configuration","description_kind":"plain","required":true},"notify_event_merges":{"type":"bool","description":"Call webhook if new events merge into existing problems","description_kind":"plain","optional":true},"payload":{"type":"string","description":"The content of the notification message.  You can use the following placeholders:  * `{ImpactedEntities}`: Details about the entities impacted by the problem in form of a JSON array.  * `{ImpactedEntity}`: The entity impacted by the problem or *X* impacted entities.  * `{PID}`: The ID of the reported problem.  * `{ProblemDetailsHTML}`: All problem event details, including root cause, as an HTML-formatted string.  * `{ProblemDetailsJSON}`: All problem event details, including root cause, as a JSON object.  * `{ProblemDetailsMarkdown}`: All problem event details, including root cause, as a [Markdown-formatted](https://www.markdownguide.org/cheat-sheet/) string.  * `{ProblemDetailsText}`: All problem event details, including root cause, as a text-formatted string.  * `{ProblemID}`: The display number of the reported problem.  * `{ProblemImpact}`: The [impact level](https://www.dynatrace.com/support/help/shortlink/impact-analysis) of the problem. Possible values are `APPLICATION`, `SERVICE`, and `INFRASTRUCTURE`.  * `{ProblemSeverity}`: The [severity level](https://www.dynatrace.com/support/help/shortlink/event-types) of the problem. Possible values are `AVAILABILITY`, `ERROR`, `PERFORMANCE`, `RESOURCE_CONTENTION`, and `CUSTOM_ALERT`.  * `{ProblemTitle}`: A short description of the problem.  * `{ProblemURL}`: The URL of the problem within Dynatrace.  * `{State}`: The state of the problem. Possible values are `OPEN` and `RESOLVED`.  * `{Tags}`: The list of tags that are defined for all impacted entities, separated by commas","description_kind":"plain","required":true},"unknowns":{"type":"string","description":"allows for configuring properties that are not explicitly supported by the current version of this provider","description_kind":"plain","optional":true},"url":{"type":"string","description":"The URL of the WebHook endpoint","description_kind":"plain","required":true}},"block_types":{"header":{"nesting_mode":"list","block":{"attributes":{"name":{"type":"string","description":"The name of the HTTP header","description_kind":"plain","required":true},"value":{"type":"string","description":"The value of the HTTP header. May contain an empty value.   Required when creating a new notification.  For the **Authorization** header, GET requests return the `null` value.  If you want update a notification configuration with an **Authorization** header which you want to remain intact, set the **Authorization** header with the `null` value","description_kind":"plain","optional":true}},"description":"A list of the additional HTTP headers","description_kind":"plain"}}},"description":"Configuration for WebHook Notification","description_kind":"plain"},"max_items":1},"xmatters":{"nesting_mode":"list","block":{"attributes":{"accept_any_certificate":{"type":"bool","description":"Accept any, including self-signed and invalid, SSL certificate (`true`) or only trusted (`false`) certificates","description_kind":"plain","required":true},"active":{"type":"bool","description":"The configuration is enabled (`true`) or disabled (`false`)","description_kind":"plain","required":true},"alerting_profile":{"type":"string","description":"The ID of the associated alerting profile","description_kind":"plain","required":true},"name":{"type":"string","description":"The name of the notification configuration","description_kind":"plain","required":true},"payload":{"type":"string","description":"The content of the notification message.  You can use the following placeholders:  * `{ImpactedEntities}`: Details about the entities impacted by the problem in form of a JSON array.  * `{ImpactedEntity}`: The entity impacted by the problem or *X* impacted entities.  * `{PID}`: The ID of the reported problem.  * `{ProblemDetailsHTML}`: All problem event details, including root cause, as an HTML-formatted string.  * `{ProblemDetailsJSON}`: All problem event details, including root cause, as a JSON object.  * `{ProblemDetailsMarkdown}`: All problem event details, including root cause, as a [Markdown-formatted](https://www.markdownguide.org/cheat-sheet/) string.  * `{ProblemDetailsText}`: All problem event details, including root cause, as a text-formatted string.  * `{ProblemID}`: The display number of the reported problem.  * `{ProblemImpact}`: The [impact level](https://www.dynatrace.com/support/help/shortlink/impact-analysis) of the problem. Possible values are `APPLICATION`, `SERVICE`, and `INFRASTRUCTURE`.  * `{ProblemSeverity}`: The [severity level](https://www.dynatrace.com/support/help/shortlink/event-types) of the problem. Possible values are `AVAILABILITY`, `ERROR`, `PERFORMANCE`, `RESOURCE_CONTENTION`, and `CUSTOM_ALERT`.  * `{ProblemTitle}`: A short description of the problem.  * `{ProblemURL}`: The URL of the problem within Dynatrace.  * `{State}`: The state of the problem. Possible values are `OPEN` and `RESOLVED`.  * `{Tags}`: The list of tags that are defined for all impacted entities, separated by commas","description_kind":"plain","required":true},"unknowns":{"type":"string","description":"allows for configuring properties that are not explicitly supported by the current version of this provider","description_kind":"plain","optional":true},"url":{"type":"string","description":"The URL of the xMatters WebHook","description_kind":"plain","required":true}},"block_types":{"header":{"nesting_mode":"list","block":{"attributes":{"name":{"type":"string","description":"The name of the HTTP header","description_kind":"plain","required":true},"value":{"type":"string","description":"The value of the HTTP header. May contain an empty value.   Required when creating a new notification.  For the **Authorization** header, GET requests return the `null` value.  If you want update a notification configuration with an **Authorization** header which you want to remain intact, set the **Authorization** header with the `null` value","description_kind":"plain","optional":true}},"description":"A list of the additional HTTP headers","description_kind":"plain"}}},"description":"Configuration for XMatters Notification","description_kind":"plain"},"max_items":1}},"description_kind":"plain"}},"dynatrace_processgroup_naming":{"version":0,"block":{"attributes":{"enabled":{"type":"bool","description":"The rule is enabled (`true`) or disabled (`false`)","description_kind":"plain","required":true},"format":{"type":"string","description":"The name to be assigned to matching entities. You can use the following placeholders here:  * `{AwsAutoScalingGroup:Name}`  * `{AwsAvailabilityZone:Name}`  * `{AwsElasticLoadBalancer:Name}`  * `{AwsRelationalDatabaseService:DBName}`  * `{AwsRelationalDatabaseService:Endpoint}`  * `{AwsRelationalDatabaseService:Engine}`  * `{AwsRelationalDatabaseService:InstanceClass}`  * `{AwsRelationalDatabaseService:Name}`  * `{AwsRelationalDatabaseService:Port}`  * `{AzureRegion:Name}`  * `{AzureScaleSet:Name}`  * `{AzureVm:Name}`  * `{CloudFoundryOrganization:Name}`  * `{CustomDevice:DetectedName}`  * `{CustomDevice:DnsName}`  * `{CustomDevice:IpAddress}`  * `{CustomDevice:Port}`  * `{DockerContainerGroupInstance:ContainerName}`  * `{DockerContainerGroupInstance:FullImageName}`  * `{DockerContainerGroupInstance:ImageVersion}`  * `{DockerContainerGroupInstance:StrippedImageName}`  * `{ESXIHost:HardwareModel}`  * `{ESXIHost:HardwareVendor}`  * `{ESXIHost:Name}`  * `{ESXIHost:ProductName}`  * `{ESXIHost:ProductVersion}`  * `{Ec2Instance:AmiId}`  * `{Ec2Instance:BeanstalkEnvironmentName}`  * `{Ec2Instance:InstanceId}`  * `{Ec2Instance:InstanceType}`  * `{Ec2Instance:LocalHostName}`  * `{Ec2Instance:Name}`  * `{Ec2Instance:PublicHostName}`  * `{Ec2Instance:SecurityGroup}`  * `{GoogleComputeInstance:Id}`  * `{GoogleComputeInstance:IpAddresses}`  * `{GoogleComputeInstance:MachineType}`  * `{GoogleComputeInstance:Name}`  * `{GoogleComputeInstance:ProjectId}`  * `{GoogleComputeInstance:Project}`  * `{Host:AWSNameTag}`  * `{Host:AixLogicalCpuCount}`  * `{Host:AzureHostName}`  * `{Host:AzureSiteName}`  * `{Host:BoshDeploymentId}`  * `{Host:BoshInstanceId}`  * `{Host:BoshInstanceName}`  * `{Host:BoshName}`  * `{Host:BoshStemcellVersion}`  * `{Host:CpuCores}`  * `{Host:DetectedName}`  * `{Host:Environment:AppName}`  * `{Host:Environment:BoshReleaseVersion}`  * `{Host:Environment:Environment}`  * `{Host:Environment:Link}`  * `{Host:Environment:Organization}`  * `{Host:Environment:Owner}`  * `{Host:Environment:Support}`  * `{Host:IpAddress}`  * `{Host:LogicalCpuCores}`  * `{Host:OneAgentCustomHostName}`  * `{Host:OperatingSystemVersion}`  * `{Host:PaasMemoryLimit}`  * `{HostGroup:Name}`  * `{KubernetesCluster:Name}`  * `{KubernetesNode:DetectedName}`  * `{OpenstackAvailabilityZone:Name}`  * `{OpenstackZone:Name}`  * `{OpenstackComputeNode:Name}`  * `{OpenstackProject:Name}`  * `{OpenstackVm:InstanceType}`  * `{OpenstackVm:Name}`  * `{OpenstackVm:SecurityGroup}`  * `{ProcessGroup:AmazonECRImageAccountId}`  * `{ProcessGroup:AmazonECRImageRegion}`  * `{ProcessGroup:AmazonECSCluster}`  * `{ProcessGroup:AmazonECSContainerName}`  * `{ProcessGroup:AmazonECSFamily}`  * `{ProcessGroup:AmazonECSRevision}`  * `{ProcessGroup:AmazonLambdaFunctionName}`  * `{ProcessGroup:AmazonRegion}`  * `{ProcessGroup:ApacheConfigPath}`  * `{ProcessGroup:ApacheSparkMasterIpAddress}`  * `{ProcessGroup:AspDotNetCoreApplicationPath}`  * `{ProcessGroup:AspDotNetCoreApplicationPath}`  * `{ProcessGroup:AzureHostName}`  * `{ProcessGroup:AzureSiteName}`  * `{ProcessGroup:CassandraClusterName}`  * `{ProcessGroup:CatalinaBase}`  * `{ProcessGroup:CatalinaHome}`  * `{ProcessGroup:CloudFoundryAppId}`  * `{ProcessGroup:CloudFoundryAppName}`  * `{ProcessGroup:CloudFoundryInstanceIndex}`  * `{ProcessGroup:CloudFoundrySpaceId}`  * `{ProcessGroup:CloudFoundrySpaceName}`  * `{ProcessGroup:ColdFusionJvmConfigFile}`  * `{ProcessGroup:ColdFusionServiceName}`  * `{ProcessGroup:CommandLineArgs}`  * `{ProcessGroup:DetectedName}`  * `{ProcessGroup:DotNetCommandPath}`  * `{ProcessGroup:DotNetCommand}`  * `{ProcessGroup:DotNetClusterId}`  * `{ProcessGroup:DotNetNodeId}`  * `{ProcessGroup:ElasticsearchClusterName}`  * `{ProcessGroup:ElasticsearchNodeName}`  * `{ProcessGroup:EquinoxConfigPath}`  * `{ProcessGroup:ExeName}`  * `{ProcessGroup:ExePath}`  * `{ProcessGroup:GlassFishDomainName}`  * `{ProcessGroup:GlassFishInstanceName}`  * `{ProcessGroup:GoogleAppEngineInstance}`  * `{ProcessGroup:GoogleAppEngineService}`  * `{ProcessGroup:GoogleCloudProject}`  * `{ProcessGroup:HybrisBinDirectory}`  * `{ProcessGroup:HybrisConfigDirectory}`  * `{ProcessGroup:HybrisConfigDirectory}`  * `{ProcessGroup:HybrisDataDirectory}`  * `{ProcessGroup:IBMCicsRegion}`  * `{ProcessGroup:IBMCtgName}`  * `{ProcessGroup:IBMImsConnectRegion}`  * `{ProcessGroup:IBMImsControlRegion}`  * `{ProcessGroup:IBMImsMessageProcessingRegion}`  * `{ProcessGroup:IBMImsSoapGwName}`  * `{ProcessGroup:IBMIntegrationNodeName}`  * `{ProcessGroup:IBMIntegrationServerName}`  * `{ProcessGroup:IISAppPool}`  * `{ProcessGroup:IISRoleName}`  * `{ProcessGroup:JbossHome}`  * `{ProcessGroup:JbossMode}`  * `{ProcessGroup:JbossServerName}`  * `{ProcessGroup:JavaJarFile}`  * `{ProcessGroup:JavaJarPath}`  * `{ProcessGroup:JavaMainCLass}`  * `{ProcessGroup:KubernetesBasePodName}`  * `{ProcessGroup:KubernetesContainerName}`  * `{ProcessGroup:KubernetesFullPodName}`  * `{ProcessGroup:KubernetesNamespace}`  * `{ProcessGroup:KubernetesPodUid}`  * `{ProcessGroup:MssqlInstanceName}`  * `{ProcessGroup:NodeJsAppBaseDirectory}`  * `{ProcessGroup:NodeJsAppName}`  * `{ProcessGroup:NodeJsScriptName}`  * `{ProcessGroup:OracleSid}`  * `{ProcessGroup:PHPScriptPath}`  * `{ProcessGroup:PHPWorkingDirectory}`  * `{ProcessGroup:Ports}`  * `{ProcessGroup:RubyAppRootPath}`  * `{ProcessGroup:RubyScriptPath}`  * `{ProcessGroup:SoftwareAGInstallRoot}`  * `{ProcessGroup:SoftwareAGProductPropertyName}`  * `{ProcessGroup:SpringBootAppName}`  * `{ProcessGroup:SpringBootProfileName}`  * `{ProcessGroup:SpringBootStartupClass}`  * `{ProcessGroup:TIBCOBusinessWorksAppNodeName}`  * `{ProcessGroup:TIBCOBusinessWorksAppSpaceName}`  * `{ProcessGroup:TIBCOBusinessWorksCeAppName}`  * `{ProcessGroup:TIBCOBusinessWorksCeVersion}`  * `{ProcessGroup:TIBCOBusinessWorksDomainName}`  * `{ProcessGroup:TIBCOBusinessWorksEnginePropertyFilePath}`  * `{ProcessGroup:TIBCOBusinessWorksEnginePropertyFile}`  * `{ProcessGroup:TIBCOBusinessWorksHome}`  * `{ProcessGroup:VarnishInstanceName}`  * `{ProcessGroup:WebLogicClusterName}`  * `{ProcessGroup:WebLogicDomainName}`  * `{ProcessGroup:WebLogicHome}`  * `{ProcessGroup:WebLogicName}`  * `{ProcessGroup:WebSphereCellName}`  * `{ProcessGroup:WebSphereClusterName}`  * `{ProcessGroup:WebSphereNodeName}`  * `{ProcessGroup:WebSphereServerName}`  * `{ProcessGroup:ActorSystem}`  * `{Service:STGServerName}`  * `{Service:DatabaseHostName}`  * `{Service:DatabaseName}`  * `{Service:DatabaseVendor}`  * `{Service:DetectedName}`  * `{Service:EndpointPath}`  * `{Service:EndpointPathGatewayUrl}`  * `{Service:IIBApplicationName}`  * `{Service:MessageListenerClassName}`  * `{Service:Port}`  * `{Service:PublicDomainName}`  * `{Service:RemoteEndpoint}`  * `{Service:RemoteName}`  * `{Service:WebApplicationId}`  * `{Service:WebContextRoot}`  * `{Service:WebServerName}`  * `{Service:WebServiceNamespace}`  * `{Service:WebServiceName}`  * `{VmwareDatacenter:Name}`  * `{VmwareVm:Name}","description_kind":"plain","required":true},"id":{"type":"string","description_kind":"plain","optional":true,"computed":true},"name":{"type":"string","description":"The name of the rule","description_kind":"plain","required":true},"unknowns":{"type":"string","description":"allows for configuring properties that are not explicitly supported by the current version of this provider","description_kind":"plain","optional":true}},"block_types":{"conditions":{"nesting_mode":"list","block":{"block_types":{"condition":{"nesting_mode":"list","block":{"attributes":{"unknowns":{"type":"string","description":"Any attributes that aren't yet supported by this provider","description_kind":"plain","optional":true}},"block_types":{"application_type":{"nesting_mode":"list","block":{"attributes":{"negate":{"type":"bool","description":"Reverses the operator. For example it turns the **begins with** into **does not begin with**","description_kind":"plain","optional":true},"operator":{"type":"string","description":"Operator of the comparison. You can reverse it by setting **negate** to `true`","description_kind":"plain","required":true},"unknowns":{"type":"string","description":"Any attributes that aren't yet supported by this provider","description_kind":"plain","optional":true},"value":{"type":"string","description":"The value to compare to","description_kind":"plain","optional":true}},"description":"Comparison for `APPLICATION_TYPE` attributes","description_kind":"plain"}},"application_type_comparison":{"nesting_mode":"list","block":{"attributes":{"negate":{"type":"bool","description":"Reverses the operator. For example it turns the **begins with** into **does not begin with**","description_kind":"plain","optional":true},"operator":{"type":"string","description":"Operator of the comparison. You can reverse it by setting **negate** to `true`","description_kind":"plain","required":true},"type":{"type":"string","description":"if specified, needs to be APPLICATION_TYPE","description_kind":"plain","deprecated":true,"optional":true},"unknowns":{"type":"string","description":"Any attributes that aren't yet supported by this provider","description_kind":"plain","optional":true},"value":{"type":"string","description":"The value to compare to","description_kind":"plain","optional":true}},"description":"Comparison for `APPLICATION_TYPE` attributes","description_kind":"plain","deprecated":true}},"azure_compute_mode":{"nesting_mode":"list","block":{"attributes":{"negate":{"type":"bool","description":"Reverses the operator. For example it turns EQUALS into DOES NOT EQUAL","description_kind":"plain","optional":true},"operator":{"type":"string","description":"Either EQUALS or EXISTS. You can reverse it by setting **negate** to `true`","description_kind":"plain","required":true},"unknowns":{"type":"string","description":"Any attributes that aren't yet supported by this provider","description_kind":"plain","optional":true},"value":{"type":"string","description":"The value to compare to. Possible values are DEDICATED or SHARED.","description_kind":"plain","optional":true}},"description":"Comparison for `AZURE_COMPUTE_MODE` attributes","description_kind":"plain","deprecated":true}},"azure_compute_mode_comparison":{"nesting_mode":"list","block":{"attributes":{"negate":{"type":"bool","description":"Reverses the operator. For example it turns EQUALS into DOES NOT EQUAL","description_kind":"plain","optional":true},"operator":{"type":"string","description":"Either EQUALS or EXISTS. You can reverse it by setting **negate** to `true`","description_kind":"plain","required":true},"unknowns":{"type":"string","description":"Any attributes that aren't yet supported by this provider","description_kind":"plain","optional":true},"value":{"type":"string","description":"The value to compare to. Possible values are DEDICATED or SHARED.","description_kind":"plain","optional":true}},"description":"Comparison for `AZURE_COMPUTE_MODE` attributes","description_kind":"plain"}},"azure_sku":{"nesting_mode":"list","block":{"attributes":{"negate":{"type":"bool","description":"Reverses the operator. For example it turns EQUALS into DOES NOT EQUAL","description_kind":"plain","optional":true},"operator":{"type":"string","description":"Either EQUALS or EXISTS. You can reverse it by setting **negate** to `true`","description_kind":"plain","required":true},"unknowns":{"type":"string","description":"Any attributes that aren't yet supported by this provider","description_kind":"plain","optional":true},"value":{"type":"string","description":"The value to compare to. Possible values are BASIC, DYNAMIC, FREE, PREMIUM, SHARED and STANDARD.","description_kind":"plain","optional":true}},"description":"Comparison for `AZURE_SKU` attributes","description_kind":"plain"}},"azure_sku_comparision":{"nesting_mode":"list","block":{"attributes":{"negate":{"type":"bool","description":"Reverses the operator. For example it turns EQUALS into DOES NOT EQUAL","description_kind":"plain","optional":true},"operator":{"type":"string","description":"Either EQUALS or EXISTS. You can reverse it by setting **negate** to `true`","description_kind":"plain","required":true},"type":{"type":"string","description":"if specified, needs to be AZURE_SKU","description_kind":"plain","deprecated":true,"optional":true},"unknowns":{"type":"string","description":"Any attributes that aren't yet supported by this provider","description_kind":"plain","optional":true},"value":{"type":"string","description":"The value to compare to. Possible values are BASIC, DYNAMIC, FREE, PREMIUM, SHARED and STANDARD.","description_kind":"plain","optional":true}},"description":"Comparison for `AZURE_SKU` attributes","description_kind":"plain","deprecated":true}},"base_comparison_basic":{"nesting_mode":"list","block":{"attributes":{"negate":{"type":"bool","description":"Reverses the operator. For example it turns EQUALS into DOES NOT EQUAL","description_kind":"plain","optional":true},"type":{"type":"string","description":"The type of comparison","description_kind":"plain","required":true},"unknowns":{"type":"string","description":"Any attributes that aren't yet supported by this provider but have meanwhile gotten introduced by a newer version of the Dynatrace REST API","description_kind":"plain","optional":true}},"description":"A comparison that's yet unknown to the provider. Operator and Value need to be encoded using the 'unknowns' property.","description_kind":"plain","deprecated":true}},"base_condition_key":{"nesting_mode":"list","block":{"attributes":{"attribute":{"type":"string","description":"The attribute to be used for comparision","description_kind":"plain","required":true},"type":{"type":"string","description":"Defines the actual set of fields depending on the value","description_kind":"plain","optional":true},"unknowns":{"type":"string","description":"Any attributes that aren't yet supported by this provider but have meanwhile gotten introduced by a newer version of the Dynatrace REST API","description_kind":"plain","optional":true}},"description":"Fallback for not yet known type","description_kind":"plain","deprecated":true}},"bitness":{"nesting_mode":"list","block":{"attributes":{"negate":{"type":"bool","description":"Reverses the operator. For example it turns EQUALS into DOES NOT EQUAL","description_kind":"plain","optional":true},"operator":{"type":"string","description":"Either EQUALS or EXISTS. You can reverse it by setting **negate** to `true`","description_kind":"plain","required":true},"unknowns":{"type":"string","description":"Any attributes that aren't yet supported by this provider but have meanwhile gotten introduced by a newer version of the Dynatrace REST API","description_kind":"plain","optional":true},"value":{"type":"string","description":"The value to compare to. Possible values are 32 and 64.","description_kind":"plain","optional":true}},"description":"Comparison for `BITNESS` attributes","description_kind":"plain"}},"bitness_comparision":{"nesting_mode":"list","block":{"attributes":{"negate":{"type":"bool","description":"Reverses the operator. For example it turns EQUALS into DOES NOT EQUAL","description_kind":"plain","optional":true},"operator":{"type":"string","description":"Either EQUALS or EXISTS. You can reverse it by setting **negate** to `true`","description_kind":"plain","required":true},"type":{"type":"string","description":"if specified, needs to be BITNESS","description_kind":"plain","deprecated":true,"optional":true},"unknowns":{"type":"string","description":"Any attributes that aren't yet supported by this provider but have meanwhile gotten introduced by a newer version of the Dynatrace REST API","description_kind":"plain","optional":true},"value":{"type":"string","description":"The value to compare to. Possible values are 32 and 64.","description_kind":"plain","optional":true}},"description":"Comparison for `BITNESS` attributes","description_kind":"plain","deprecated":true}},"cloud_type":{"nesting_mode":"list","block":{"attributes":{"negate":{"type":"bool","description":"Reverses the operator. For example it turns EQUALS into DOES NOT EQUAL","description_kind":"plain","optional":true},"operator":{"type":"string","description":"Either EQUALS or EXISTS. You can reverse it by setting **negate** to `true`","description_kind":"plain","required":true},"unknowns":{"type":"string","description":"Any attributes that aren't yet supported by this provider but have meanwhile gotten introduced by a newer version of the Dynatrace REST API","description_kind":"plain","optional":true},"value":{"type":"string","description":"The value to compare to. Possible values are AZURE, EC2, GOOGLE_CLOUD_PLATFORM, OPENSTACK, ORACLE and UNRECOGNIZED.","description_kind":"plain","optional":true}},"description":"Comparison for `CLOUD_TYPE` attributes","description_kind":"plain"}},"cloud_type_comparison":{"nesting_mode":"list","block":{"attributes":{"negate":{"type":"bool","description":"Reverses the operator. For example it turns EQUALS into DOES NOT EQUAL","description_kind":"plain","optional":true},"operator":{"type":"string","description":"Either EQUALS or EXISTS. You can reverse it by setting **negate** to `true`","description_kind":"plain","required":true},"type":{"type":"string","description":"if specified, needs to be CLOUD_TYPE","description_kind":"plain","deprecated":true,"optional":true},"unknowns":{"type":"string","description":"Any attributes that aren't yet supported by this provider but have meanwhile gotten introduced by a newer version of the Dynatrace REST API","description_kind":"plain","optional":true},"value":{"type":"string","description":"The value to compare to. Possible values are AZURE, EC2, GOOGLE_CLOUD_PLATFORM, OPENSTACK, ORACLE and UNRECOGNIZED.","description_kind":"plain","optional":true}},"description":"Comparison for `CLOUD_TYPE` attributes","description_kind":"plain","deprecated":true}},"comparison":{"nesting_mode":"list","block":{"attributes":{"negate":{"type":"bool","description":"Reverses the operator. For example it turns EQUALS into DOES NOT EQUAL","description_kind":"plain","optional":true},"type":{"type":"string","description":"The type of comparison","description_kind":"plain","required":true},"unknowns":{"type":"string","description":"Any attributes that aren't yet supported by this provider but have meanwhile gotten introduced by a newer version of the Dynatrace REST API","description_kind":"plain","optional":true}},"description":"A comparison that's yet unknown to the provider. Operator and Value need to be encoded using the 'unknowns' property.","description_kind":"plain"}},"custom_application_type":{"nesting_mode":"list","block":{"attributes":{"negate":{"type":"bool","description":"Reverses the operator. For example it turns EQUALS into DOES NOT EQUAL","description_kind":"plain","optional":true},"operator":{"type":"string","description":"Either EQUALS or EXISTS. You can reverse it by setting **negate** to `true`","description_kind":"plain","required":true},"unknowns":{"type":"string","description":"Any attributes that aren't yet supported by this provider but have meanwhile gotten introduced by a newer version of the Dynatrace REST API","description_kind":"plain","optional":true},"value":{"type":"string","description":"The value to compare to. Possible values are AMAZON_ECHO, DESKTOP, EMBEDDED, IOT, MICROSOFT_HOLOLENS and UFO.","description_kind":"plain","optional":true}},"description":"Comparison for `CUSTOM_APPLICATION_TYPE` attributes","description_kind":"plain"}},"custom_application_type_comparison":{"nesting_mode":"list","block":{"attributes":{"negate":{"type":"bool","description":"Reverses the operator. For example it turns EQUALS into DOES NOT EQUAL","description_kind":"plain","optional":true},"operator":{"type":"string","description":"Either EQUALS or EXISTS. You can reverse it by setting **negate** to `true`","description_kind":"plain","required":true},"type":{"type":"string","description":"if specified, needs to be CUSTOM_APPLICATION_TYPE","description_kind":"plain","deprecated":true,"optional":true},"unknowns":{"type":"string","description":"Any attributes that aren't yet supported by this provider but have meanwhile gotten introduced by a newer version of the Dynatrace REST API","description_kind":"plain","optional":true},"value":{"type":"string","description":"The value to compare to. Possible values are AMAZON_ECHO, DESKTOP, EMBEDDED, IOT, MICROSOFT_HOLOLENS and UFO.","description_kind":"plain","optional":true}},"description":"Comparison for `CUSTOM_APPLICATION_TYPE` attributes","description_kind":"plain","deprecated":true}},"custom_host_metadata":{"nesting_mode":"list","block":{"attributes":{"attribute":{"type":"string","description":"The attribute to be used for comparision","description_kind":"plain","required":true},"unknowns":{"type":"string","description":"Any attributes that aren't yet supported by this provider but have meanwhile gotten introduced by a newer version of the Dynatrace REST API","description_kind":"plain","optional":true}},"block_types":{"dynamic_key":{"nesting_mode":"list","block":{"attributes":{"key":{"type":"string","description":"The actual key of the custom metadata","description_kind":"plain","required":true},"source":{"type":"string","description":"The source of the custom metadata. Possible values are ENVIRONMENT, GOOGLE_COMPUTE_ENGINE and PLUGIN","description_kind":"plain","required":true},"unknowns":{"type":"string","description":"Any attributes that aren't yet supported by this provider but have meanwhile gotten introduced by a newer version of the Dynatrace REST API","description_kind":"plain","optional":true}},"description":"The key of the attribute, which need dynamic keys. Not applicable otherwise, as the attibute itself acts as a key","description_kind":"plain"},"min_items":1,"max_items":1}},"description":"Key for Custom Host Metadata","description_kind":"plain"}},"custom_host_metadata_condition_key":{"nesting_mode":"list","block":{"attributes":{"attribute":{"type":"string","description":"The attribute to be used for comparision","description_kind":"plain","required":true},"type":{"type":"string","description":"if specified, needs to be HOST_CUSTOM_METADATA_KEY","description_kind":"plain","deprecated":true,"optional":true},"unknowns":{"type":"string","description":"Any attributes that aren't yet supported by this provider but have meanwhile gotten introduced by a newer version of the Dynatrace REST API","description_kind":"plain","optional":true}},"block_types":{"dynamic_key":{"nesting_mode":"list","block":{"attributes":{"key":{"type":"string","description":"The actual key of the custom metadata","description_kind":"plain","required":true},"source":{"type":"string","description":"The source of the custom metadata. Possible values are ENVIRONMENT, GOOGLE_COMPUTE_ENGINE and PLUGIN","description_kind":"plain","required":true},"unknowns":{"type":"string","description":"Any attributes that aren't yet supported by this provider but have meanwhile gotten introduced by a newer version of the Dynatrace REST API","description_kind":"plain","optional":true}},"description":"The key of the attribute, which need dynamic keys. Not applicable otherwise, as the attibute itself acts as a key","description_kind":"plain"},"min_items":1,"max_items":1}},"description":"Key for Custom Host Metadata","description_kind":"plain","deprecated":true}},"custom_process_metadata":{"nesting_mode":"list","block":{"attributes":{"attribute":{"type":"string","description":"The attribute to be used for comparision","description_kind":"plain","required":true},"unknowns":{"type":"string","description":"Any attributes that aren't yet supported by this provider but have meanwhile gotten introduced by a newer version of the Dynatrace REST API","description_kind":"plain","optional":true}},"block_types":{"dynamic_key":{"nesting_mode":"list","block":{"attributes":{"key":{"type":"string","description":" The actual key of the custom metadata","description_kind":"plain","required":true},"source":{"type":"string","description":"The source of the custom metadata. Possible values are CLOUD_FOUNDRY, ENVIRONMENT, GOOGLE_CLOUD, KUBERNETES and PLUGIN","description_kind":"plain","required":true},"unknowns":{"type":"string","description":"Any attributes that aren't yet supported by this provider but have meanwhile gotten introduced by a newer version of the Dynatrace REST API","description_kind":"plain","optional":true}},"description":"The key of the attribute, which need dynamic keys. Not applicable otherwise, as the attibute itself acts as a key","description_kind":"plain"},"min_items":1,"max_items":1}},"description":"Key for Custom Process Metadata","description_kind":"plain"}},"custom_process_metadata_condition_key":{"nesting_mode":"list","block":{"attributes":{"attribute":{"type":"string","description":"The attribute to be used for comparision","description_kind":"plain","required":true},"type":{"type":"string","description":"if specified, needs to be PROCESS_CUSTOM_METADATA_KEY","description_kind":"plain","deprecated":true,"optional":true},"unknowns":{"type":"string","description":"Any attributes that aren't yet supported by this provider but have meanwhile gotten introduced by a newer version of the Dynatrace REST API","description_kind":"plain","optional":true}},"block_types":{"dynamic_key":{"nesting_mode":"list","block":{"attributes":{"key":{"type":"string","description":" The actual key of the custom metadata","description_kind":"plain","required":true},"source":{"type":"string","description":"The source of the custom metadata. Possible values are CLOUD_FOUNDRY, ENVIRONMENT, GOOGLE_CLOUD, KUBERNETES and PLUGIN","description_kind":"plain","required":true},"unknowns":{"type":"string","description":"Any attributes that aren't yet supported by this provider but have meanwhile gotten introduced by a newer version of the Dynatrace REST API","description_kind":"plain","optional":true}},"description":"The key of the attribute, which need dynamic keys. Not applicable otherwise, as the attibute itself acts as a key","description_kind":"plain"},"min_items":1,"max_items":1}},"description":"Key for Custom Process Metadata","description_kind":"plain","deprecated":true}},"database_topology":{"nesting_mode":"list","block":{"attributes":{"negate":{"type":"bool","description":"Reverses the operator. For example it turns EQUALS into DOES NOT EQUAL","description_kind":"plain","optional":true},"operator":{"type":"string","description":"Either EQUALS or EXISTS. You can reverse it by setting **negate** to `true`","description_kind":"plain","required":true},"unknowns":{"type":"string","description":"Any attributes that aren't yet supported by this provider but have meanwhile gotten introduced by a newer version of the Dynatrace REST API","description_kind":"plain","optional":true},"value":{"type":"string","description":"The value to compare to. Possible values are CLUSTER, EMBEDDED, FAILOVER, IPC, LOAD_BALANCING, SINGLE_SERVER and UNSPECIFIED.","description_kind":"plain","optional":true}},"description":"Comparison for `DATABASE_TOPOLOGY` attributes","description_kind":"plain"}},"database_topology_comparison":{"nesting_mode":"list","block":{"attributes":{"negate":{"type":"bool","description":"Reverses the operator. For example it turns EQUALS into DOES NOT EQUAL","description_kind":"plain","optional":true},"operator":{"type":"string","description":"Either EQUALS or EXISTS. You can reverse it by setting **negate** to `true`","description_kind":"plain","required":true},"type":{"type":"string","description":"if specified, needs to be DATABASE_TOPOLOGY","description_kind":"plain","deprecated":true,"optional":true},"unknowns":{"type":"string","description":"Any attributes that aren't yet supported by this provider but have meanwhile gotten introduced by a newer version of the Dynatrace REST API","description_kind":"plain","optional":true},"value":{"type":"string","description":"The value to compare to. Possible values are CLUSTER, EMBEDDED, FAILOVER, IPC, LOAD_BALANCING, SINGLE_SERVER and UNSPECIFIED.","description_kind":"plain","optional":true}},"description":"Comparison for `DATABASE_TOPOLOGY` attributes","description_kind":"plain","deprecated":true}},"dcrum_decoder":{"nesting_mode":"list","block":{"attributes":{"negate":{"type":"bool","description":"Reverses the operator. For example it turns EQUALS into DOES NOT EQUAL","description_kind":"plain","optional":true},"operator":{"type":"string","description":"Either EQUALS or EXISTS. You can reverse it by setting **negate** to `true`","description_kind":"plain","required":true},"unknowns":{"type":"string","description":"Any attributes that aren't yet supported by this provider but have meanwhile gotten introduced by a newer version of the Dynatrace REST API","description_kind":"plain","optional":true},"value":{"type":"string","description":"The value to compare to. Possible values are ALL_OTHER, CITRIX_APPFLOW, CITRIX_ICA, CITRIX_ICA_OVER_SSL, DB2_DRDA, HTTP, HTTPS, HTTP_EXPRESS, INFORMIX, MYSQL, ORACLE, SAP_GUI, SAP_GUI_OVER_HTTP, SAP_GUI_OVER_HTTPS, SAP_HANA_DB, SAP_RFC, SSL and TDS.","description_kind":"plain","optional":true}},"description":"Comparison for `DCRUM_DECODER_TYPE` attributes","description_kind":"plain"}},"dcrum_decoder_comparison":{"nesting_mode":"list","block":{"attributes":{"negate":{"type":"bool","description":"Reverses the operator. For example it turns EQUALS into DOES NOT EQUAL","description_kind":"plain","optional":true},"operator":{"type":"string","description":"Either EQUALS or EXISTS. You can reverse it by setting **negate** to `true`","description_kind":"plain","required":true},"type":{"type":"string","description":"if specified, needs to be DCRUM_DECODER_TYPE","description_kind":"plain","deprecated":true,"optional":true},"unknowns":{"type":"string","description":"Any attributes that aren't yet supported by this provider but have meanwhile gotten introduced by a newer version of the Dynatrace REST API","description_kind":"plain","optional":true},"value":{"type":"string","description":"The value to compare to. Possible values are ALL_OTHER, CITRIX_APPFLOW, CITRIX_ICA, CITRIX_ICA_OVER_SSL, DB2_DRDA, HTTP, HTTPS, HTTP_EXPRESS, INFORMIX, MYSQL, ORACLE, SAP_GUI, SAP_GUI_OVER_HTTP, SAP_GUI_OVER_HTTPS, SAP_HANA_DB, SAP_RFC, SSL and TDS.","description_kind":"plain","optional":true}},"description":"Comparison for `DCRUM_DECODER_TYPE` attributes","description_kind":"plain","deprecated":true}},"entity":{"nesting_mode":"list","block":{"attributes":{"negate":{"type":"bool","description":"Reverses the operator. For example it turns EQUALS into DOES NOT EQUAL","description_kind":"plain","optional":true},"operator":{"type":"string","description":"Currently only EQUALS is supported. You can reverse it by setting **negate** to `true`","description_kind":"plain","required":true},"unknowns":{"type":"string","description":"Any attributes that aren't yet supported by this provider but have meanwhile gotten introduced by a newer version of the Dynatrace REST API","description_kind":"plain","optional":true},"value":{"type":"string","description":"The value to compare to","description_kind":"plain","optional":true}},"description":"Comparison for `ENTITY_ID` attributes","description_kind":"plain"}},"entity_id_comparison":{"nesting_mode":"list","block":{"attributes":{"negate":{"type":"bool","description":"Reverses the operator. For example it turns EQUALS into DOES NOT EQUAL","description_kind":"plain","optional":true},"operator":{"type":"string","description":"Currently only EQUALS is supported. You can reverse it by setting **negate** to `true`","description_kind":"plain","required":true},"type":{"type":"string","description":"if specified, needs to be ENTITY_ID","description_kind":"plain","deprecated":true,"optional":true},"unknowns":{"type":"string","description":"Any attributes that aren't yet supported by this provider but have meanwhile gotten introduced by a newer version of the Dynatrace REST API","description_kind":"plain","optional":true},"value":{"type":"string","description":"The value to compare to","description_kind":"plain","optional":true}},"description":"Comparison for `ENTITY_ID` attributes","description_kind":"plain","deprecated":true}},"host_tech":{"nesting_mode":"list","block":{"attributes":{"negate":{"type":"bool","description":"Reverses the operator. For example it turns the **begins with** into **does not begin with**","description_kind":"plain","optional":true},"operator":{"type":"string","description":"Operator of the comparison. Possible values are EQUALS and EXISTS. You can reverse it by setting **negate** to `true`","description_kind":"plain","required":true},"unknowns":{"type":"string","description":"Any attributes that aren't yet supported by this provider","description_kind":"plain","optional":true}},"block_types":{"value":{"nesting_mode":"list","block":{"attributes":{"type":{"type":"string","description":"Predefined technology, if technology is not predefined, then the verbatim type must be set. Possible values are APPARMOR, BOSH, BOSHBPM, CLOUDFOUNDRY, CONTAINERD, CRIO, DIEGO_CELL, DOCKER, GARDEN, GRSECURITY, KUBERNETES, OPENSHIFT, OPENSTACK_COMPUTE, OPENSTACK_CONTROLLER and SELINUX","description_kind":"plain","optional":true},"unknowns":{"type":"string","description":"Any attributes that aren't yet supported by this provider","description_kind":"plain","optional":true},"verbatim_type":{"type":"string","description":"Non-predefined technology, use for custom technologies","description_kind":"plain","optional":true}},"description":"The value to compare to","description_kind":"plain"},"max_items":1}},"description":"Comparison for `SIMPLE_HOST_TECH` attributes","description_kind":"plain"}},"hypervisor":{"nesting_mode":"list","block":{"attributes":{"negate":{"type":"bool","description":"Reverses the operator. For example it turns EQUALS into DOES NOT EQUAL","description_kind":"plain","optional":true},"operator":{"type":"string","description":"Either EQUALS or EXISTS. You can reverse it by setting **negate** to `true`","description_kind":"plain","required":true},"unknowns":{"type":"string","description":"Any attributes that aren't yet supported by this provider but have meanwhile gotten introduced by a newer version of the Dynatrace REST API","description_kind":"plain","optional":true},"value":{"type":"string","description":"The value to compare to. Possible values are AHV, HYPER_V, KVM, LPAR, QEMU, VIRTUAL_BOX, VMWARE, WPAR and XEN.","description_kind":"plain","optional":true}},"description":"Comparison for `HYPERVISOR_TYPE` attributes","description_kind":"plain"}},"hypervisor_type_comparision":{"nesting_mode":"list","block":{"attributes":{"negate":{"type":"bool","description":"Reverses the operator. For example it turns EQUALS into DOES NOT EQUAL","description_kind":"plain","optional":true},"operator":{"type":"string","description":"Either EQUALS or EXISTS. You can reverse it by setting **negate** to `true`","description_kind":"plain","required":true},"type":{"type":"string","description":"if specified, needs to be HYPERVISOR_TYPE","description_kind":"plain","deprecated":true,"optional":true},"unknowns":{"type":"string","description":"Any attributes that aren't yet supported by this provider but have meanwhile gotten introduced by a newer version of the Dynatrace REST API","description_kind":"plain","optional":true},"value":{"type":"string","description":"The value to compare to. Possible values are AHV, HYPER_V, KVM, LPAR, QEMU, VIRTUAL_BOX, VMWARE, WPAR and XEN.","description_kind":"plain","optional":true}},"description":"`hypervisor_type_comparision` is deprecated. Use `hypervisor` instead","description_kind":"plain","deprecated":true}},"indexed_name":{"nesting_mode":"list","block":{"attributes":{"negate":{"type":"bool","description":"Reverses the operator. For example it turns EQUALS into DOES NOT EQUAL","description_kind":"plain","optional":true},"operator":{"type":"string","description":"Either EQUALS, CONTAINS or EXISTS. You can reverse it by setting **negate** to `true`","description_kind":"plain","required":true},"unknowns":{"type":"string","description":"Any attributes that aren't yet supported by this provider but have meanwhile gotten introduced by a newer version of the Dynatrace REST API","description_kind":"plain","optional":true},"value":{"type":"string","description":"The value to compare to","description_kind":"plain","optional":true}},"description":"Comparison for `INDEXED_NAME` attributes","description_kind":"plain"}},"indexed_name_comparison":{"nesting_mode":"list","block":{"attributes":{"negate":{"type":"bool","description":"Reverses the operator. For example it turns EQUALS into DOES NOT EQUAL","description_kind":"plain","optional":true},"operator":{"type":"string","description":"Either EQUALS, CONTAINS or EXISTS. You can reverse it by setting **negate** to `true`","description_kind":"plain","required":true},"type":{"type":"string","description":"if specified, needs to be INDEXED_NAME","description_kind":"plain","deprecated":true,"optional":true},"unknowns":{"type":"string","description":"Any attributes that aren't yet supported by this provider but have meanwhile gotten introduced by a newer version of the Dynatrace REST API","description_kind":"plain","optional":true},"value":{"type":"string","description":"The value to compare to","description_kind":"plain","optional":true}},"description":"Comparison for `INDEXED_NAME` attributes","description_kind":"plain","deprecated":true}},"indexed_string":{"nesting_mode":"list","block":{"attributes":{"negate":{"type":"bool","description":"Reverses the operator. For example it turns EQUALS into DOES NOT EQUAL","description_kind":"plain","optional":true},"operator":{"type":"string","description":"Either EQUALS or EXISTS. You can reverse it by setting **negate** to `true`","description_kind":"plain","required":true},"unknowns":{"type":"string","description":"Any attributes that aren't yet supported by this provider but have meanwhile gotten introduced by a newer version of the Dynatrace REST API","description_kind":"plain","optional":true},"value":{"type":"string","description":"The value to compare to","description_kind":"plain","optional":true}},"description":"Comparison for `INDEXED_STRING` attributes","description_kind":"plain"}},"indexed_string_comparison":{"nesting_mode":"list","block":{"attributes":{"negate":{"type":"bool","description":"Reverses the operator. For example it turns EQUALS into DOES NOT EQUAL","description_kind":"plain","optional":true},"operator":{"type":"string","description":"Either EQUALS or EXISTS. You can reverse it by setting **negate** to `true`","description_kind":"plain","required":true},"type":{"type":"string","description":"if specified, needs to be INDEXED_STRING","description_kind":"plain","deprecated":true,"optional":true},"unknowns":{"type":"string","description":"Any attributes that aren't yet supported by this provider but have meanwhile gotten introduced by a newer version of the Dynatrace REST API","description_kind":"plain","optional":true},"value":{"type":"string","description":"The value to compare to","description_kind":"plain","optional":true}},"description":"Comparison for `INDEXED_STRING` attributes","description_kind":"plain","deprecated":true}},"indexed_tag":{"nesting_mode":"list","block":{"attributes":{"negate":{"type":"bool","description":"Reverses the operator. For example it turns EQUALS into DOES NOT EQUAL","description_kind":"plain","optional":true},"operator":{"type":"string","description":"Either EQUALS or EXISTS. You can reverse it by setting **negate** to `true`","description_kind":"plain","required":true},"unknowns":{"type":"string","description":"Any attributes that aren't yet supported by this provider but have meanwhile gotten introduced by a newer version of the Dynatrace REST API","description_kind":"plain","optional":true}},"block_types":{"value":{"nesting_mode":"list","block":{"attributes":{"context":{"type":"string","description":"The origin of the tag, such as AWS or Cloud Foundry. Possible values are AWS, AWS_GENERIC, AZURE, CLOUD_FOUNDRY, CONTEXTLESS, ENVIRONMENT, GOOGLE_CLOUD and KUBERNETES. Custom tags use the `CONTEXTLESS` value","description_kind":"plain","required":true},"key":{"type":"string","description":"The key of the tag. Custom tags have the tag value here","description_kind":"plain","required":true},"unknowns":{"type":"string","description":"Any attributes that aren't yet supported by this provider but have meanwhile gotten introduced by a newer version of the Dynatrace REST API","description_kind":"plain","optional":true},"value":{"type":"string","description":"The value of the tag. Not applicable to custom tags","description_kind":"plain","optional":true}},"description":"Tag of a Dynatrace entity","description_kind":"plain"},"max_items":1}},"description":"Comparison for `INDEXED_TAG` attributes","description_kind":"plain"}},"indexed_tag_comparison":{"nesting_mode":"list","block":{"attributes":{"negate":{"type":"bool","description":"Reverses the operator. For example it turns EQUALS into DOES NOT EQUAL","description_kind":"plain","optional":true},"operator":{"type":"string","description":"Either EQUALS or EXISTS. You can reverse it by setting **negate** to `true`","description_kind":"plain","required":true},"type":{"type":"string","description":"if specified, needs to be INDEXED_TAG","description_kind":"plain","deprecated":true,"optional":true},"unknowns":{"type":"string","description":"Any attributes that aren't yet supported by this provider but have meanwhile gotten introduced by a newer version of the Dynatrace REST API","description_kind":"plain","optional":true}},"block_types":{"value":{"nesting_mode":"list","block":{"attributes":{"context":{"type":"string","description":"The origin of the tag, such as AWS or Cloud Foundry. Possible values are AWS, AWS_GENERIC, AZURE, CLOUD_FOUNDRY, CONTEXTLESS, ENVIRONMENT, GOOGLE_CLOUD and KUBERNETES. Custom tags use the `CONTEXTLESS` value","description_kind":"plain","required":true},"key":{"type":"string","description":"The key of the tag. Custom tags have the tag value here","description_kind":"plain","required":true},"unknowns":{"type":"string","description":"Any attributes that aren't yet supported by this provider but have meanwhile gotten introduced by a newer version of the Dynatrace REST API","description_kind":"plain","optional":true},"value":{"type":"string","description":"The value of the tag. Not applicable to custom tags","description_kind":"plain","optional":true}},"description":"Tag of a Dynatrace entity","description_kind":"plain"},"max_items":1}},"description":"Comparison for `INDEXED_TAG` attributes","description_kind":"plain","deprecated":true}},"integer":{"nesting_mode":"list","block":{"attributes":{"negate":{"type":"bool","description":"Reverses the operator. For example it turns the **begins with** into **does not begin with**","description_kind":"plain","optional":true},"operator":{"type":"string","description":"Operator of the comparison. Possible values are EQUALS, EXISTS, GREATER_THAN, GREATER_THAN_OR_EQUAL, LOWER_THAN and LOWER_THAN_OR_EQUAL. You can reverse it by setting **negate** to `true`","description_kind":"plain","required":true},"unknowns":{"type":"string","description":"Any attributes that aren't yet supported by this provider","description_kind":"plain","optional":true},"value":{"type":"number","description":"The value to compare to","description_kind":"plain","optional":true}},"description":"Comparison for `INTEGER` attributes","description_kind":"plain"}},"integer_comparison":{"nesting_mode":"list","block":{"attributes":{"negate":{"type":"bool","description":"Reverses the operator. For example it turns the **begins with** into **does not begin with**","description_kind":"plain","optional":true},"operator":{"type":"string","description":"Operator of the comparison. Possible values are EQUALS, EXISTS, GREATER_THAN, GREATER_THAN_OR_EQUAL, LOWER_THAN and LOWER_THAN_OR_EQUAL. You can reverse it by setting **negate** to `true`","description_kind":"plain","required":true},"type":{"type":"string","description":"if specified, needs to be INTEGER","description_kind":"plain","deprecated":true,"optional":true},"unknowns":{"type":"string","description":"Any attributes that aren't yet supported by this provider","description_kind":"plain","optional":true},"value":{"type":"number","description":"The value to compare to","description_kind":"plain","optional":true}},"description":"Comparison for `INTEGER` attributes","description_kind":"plain","deprecated":true}},"ipaddress":{"nesting_mode":"list","block":{"attributes":{"case_sensitive":{"type":"bool","description":" The comparison is case-sensitive (`true`) or insensitive (`false`)","description_kind":"plain","optional":true},"negate":{"type":"bool","description":"Reverses the operator. For example it turns the **begins with** into **does not begin with**","description_kind":"plain","optional":true},"operator":{"type":"string","description":"Operator of the comparison. Possible values are BEGINS_WITH, CONTAINS, ENDS_WITH, EQUALS, EXISTS, IS_IP_IN_RANGE and REGEX_MATCHES. You can reverse it by setting **negate** to `true`","description_kind":"plain","required":true},"unknowns":{"type":"string","description":"Any attributes that aren't yet supported by this provider","description_kind":"plain","optional":true},"value":{"type":"string","description":"The value to compare to","description_kind":"plain","optional":true}},"description":"Comparison for `IP_ADDRESS` attributes","description_kind":"plain"}},"ipaddress_comparison":{"nesting_mode":"list","block":{"attributes":{"case_sensitive":{"type":"bool","description":" The comparison is case-sensitive (`true`) or insensitive (`false`)","description_kind":"plain","optional":true},"negate":{"type":"bool","description":"Reverses the operator. For example it turns the **begins with** into **does not begin with**","description_kind":"plain","optional":true},"operator":{"type":"string","description":"Operator of the comparison. Possible values are BEGINS_WITH, CONTAINS, ENDS_WITH, EQUALS, EXISTS, IS_IP_IN_RANGE and REGEX_MATCHES. You can reverse it by setting **negate** to `true`","description_kind":"plain","required":true},"type":{"type":"string","description":"if specified, needs to be IP_ADDRESS","description_kind":"plain","deprecated":true,"optional":true},"unknowns":{"type":"string","description":"Any attributes that aren't yet supported by this provider","description_kind":"plain","optional":true},"value":{"type":"string","description":"The value to compare to","description_kind":"plain","optional":true}},"description":"Comparison for `IP_ADDRESS` attributes","description_kind":"plain","deprecated":true}},"key":{"nesting_mode":"list","block":{"attributes":{"attribute":{"type":"string","description":"The attribute to be used for comparision","description_kind":"plain","required":true},"type":{"type":"string","description":"Defines the actual set of fields depending on the value","description_kind":"plain","optional":true},"unknowns":{"type":"string","description":"Any attributes that aren't yet supported by this provider but have meanwhile gotten introduced by a newer version of the Dynatrace REST API","description_kind":"plain","optional":true}},"description":"Fallback for not yet known type","description_kind":"plain"}},"mobile_platform":{"nesting_mode":"list","block":{"attributes":{"negate":{"type":"bool","description":"Reverses the operator. For example it turns the **begins with** into **does not begin with**","description_kind":"plain","optional":true},"operator":{"type":"string","description":"Operator of the comparison. Possible values are EQUALS and EXISTS. You can reverse it by setting **negate** to `true`","description_kind":"plain","required":true},"unknowns":{"type":"string","description":"Any attributes that aren't yet supported by this provider","description_kind":"plain","optional":true},"value":{"type":"string","description":"The value to compare to. Possible values are ANDROID, IOS, LINUX, MAC_OS, OTHER, TVOS and WINDOWS.","description_kind":"plain","optional":true}},"description":"Comparison for `MOBILE_PLATFORM` attributes","description_kind":"plain"}},"mobile_platform_comparison":{"nesting_mode":"list","block":{"attributes":{"negate":{"type":"bool","description":"Reverses the operator. For example it turns the **begins with** into **does not begin with**","description_kind":"plain","optional":true},"operator":{"type":"string","description":"Operator of the comparison. Possible values are EQUALS and EXISTS. You can reverse it by setting **negate** to `true`","description_kind":"plain","required":true},"type":{"type":"string","description":"if specified, needs to be MOBILE_PLATFORM","description_kind":"plain","deprecated":true,"optional":true},"unknowns":{"type":"string","description":"Any attributes that aren't yet supported by this provider","description_kind":"plain","optional":true},"value":{"type":"string","description":"The value to compare to. Possible values are ANDROID, IOS, LINUX, MAC_OS, OTHER, TVOS and WINDOWS.","description_kind":"plain","optional":true}},"description":"Comparison for `MOBILE_PLATFORM` attributes","description_kind":"plain","deprecated":true}},"os_arch":{"nesting_mode":"list","block":{"attributes":{"negate":{"type":"bool","description":"Reverses the operator. For example it turns the **begins with** into **does not begin with**","description_kind":"plain","optional":true},"operator":{"type":"string","description":"Operator of the comparison. Possible values are EQUALS and EXISTS. You can reverse it by setting **negate** to `true`","description_kind":"plain","required":true},"unknowns":{"type":"string","description":"Any attributes that aren't yet supported by this provider","description_kind":"plain","optional":true},"value":{"type":"string","description":"The value to compare to. Possible values are ARM, IA64, PARISC, PPC, PPCLE, S390, SPARC, X86 and ZOS.","description_kind":"plain","optional":true}},"description":"Comparison for `OS_ARCHITECTURE` attributes","description_kind":"plain"}},"os_type":{"nesting_mode":"list","block":{"attributes":{"negate":{"type":"bool","description":"Reverses the operator. For example it turns the **begins with** into **does not begin with**","description_kind":"plain","optional":true},"operator":{"type":"string","description":"Operator of the comparison. Possible values are EQUALS and EXISTS. You can reverse it by setting **negate** to `true`","description_kind":"plain","required":true},"unknowns":{"type":"string","description":"Any attributes that aren't yet supported by this provider","description_kind":"plain","optional":true},"value":{"type":"string","description":"The value to compare to. Possible values are AIX, DARWIN, HPUX, LINUX, SOLARIS, WINDOWS and ZOS.","description_kind":"plain","optional":true}},"description":"Comparison for `OS_TYPE` attributes","description_kind":"plain"}},"osarchitecture_comparison":{"nesting_mode":"list","block":{"attributes":{"negate":{"type":"bool","description":"Reverses the operator. For example it turns the **begins with** into **does not begin with**","description_kind":"plain","optional":true},"operator":{"type":"string","description":"Operator of the comparison. Possible values are EQUALS and EXISTS. You can reverse it by setting **negate** to `true`","description_kind":"plain","required":true},"type":{"type":"string","description":"if specified, needs to be OS_ARCHITECTURE","description_kind":"plain","deprecated":true,"optional":true},"unknowns":{"type":"string","description":"Any attributes that aren't yet supported by this provider","description_kind":"plain","optional":true},"value":{"type":"string","description":"The value to compare to. Possible values are ARM, IA64, PARISC, PPC, PPCLE, S390, SPARC, X86 and ZOS.","description_kind":"plain","optional":true}},"description":"Comparison for `OS_ARCHITECTURE` attributes","description_kind":"plain","deprecated":true}},"ostype_comparison":{"nesting_mode":"list","block":{"attributes":{"negate":{"type":"bool","description":"Reverses the operator. For example it turns the **begins with** into **does not begin with**","description_kind":"plain","optional":true},"operator":{"type":"string","description":"Operator of the comparison. Possible values are EQUALS and EXISTS. You can reverse it by setting **negate** to `true`","description_kind":"plain","required":true},"type":{"type":"string","description":"if specified, needs to be OS_TYPE","description_kind":"plain","deprecated":true,"optional":true},"unknowns":{"type":"string","description":"Any attributes that aren't yet supported by this provider","description_kind":"plain","optional":true},"value":{"type":"string","description":"The value to compare to. Possible values are AIX, DARWIN, HPUX, LINUX, SOLARIS, WINDOWS and ZOS.","description_kind":"plain","optional":true}},"description":"Comparison for `OS_TYPE` attributes","description_kind":"plain","deprecated":true}},"paas_type":{"nesting_mode":"list","block":{"attributes":{"negate":{"type":"bool","description":"Reverses the operator. For example it turns the **begins with** into **does not begin with**","description_kind":"plain","optional":true},"operator":{"type":"string","description":"Operator of the comparison. Possible values are EQUALS and EXISTS. You can reverse it by setting **negate** to `true`","description_kind":"plain","required":true},"unknowns":{"type":"string","description":"Any attributes that aren't yet supported by this provider","description_kind":"plain","optional":true},"value":{"type":"string","description":"The value to compare to. Possible values are AWS_ECS_EC2, AWS_ECS_FARGATE, AWS_LAMBDA, AZURE_FUNCTIONS, AZURE_WEBSITES, CLOUD_FOUNDRY, GOOGLE_APP_ENGINE, HEROKU, KUBERNETES and OPENSHIFT.","description_kind":"plain","optional":true}},"description":"Comparison for `PAAS_TYPE` attributes","description_kind":"plain"}},"paas_type_comparison":{"nesting_mode":"list","block":{"attributes":{"negate":{"type":"bool","description":"Reverses the operator. For example it turns the **begins with** into **does not begin with**","description_kind":"plain","optional":true},"operator":{"type":"string","description":"Operator of the comparison. Possible values are EQUALS and EXISTS. You can reverse it by setting **negate** to `true`","description_kind":"plain","required":true},"type":{"type":"string","description":"if specified, needs to be PAAS_TYPE","description_kind":"plain","deprecated":true,"optional":true},"unknowns":{"type":"string","description":"Any attributes that aren't yet supported by this provider","description_kind":"plain","optional":true},"value":{"type":"string","description":"The value to compare to. Possible values are AWS_ECS_EC2, AWS_ECS_FARGATE, AWS_LAMBDA, AZURE_FUNCTIONS, AZURE_WEBSITES, CLOUD_FOUNDRY, GOOGLE_APP_ENGINE, HEROKU, KUBERNETES and OPENSHIFT.","description_kind":"plain","optional":true}},"description":"Comparison for `PAAS_TYPE` attributes","description_kind":"plain","deprecated":true}},"process_metadata":{"nesting_mode":"list","block":{"attributes":{"attribute":{"type":"string","description":"The attribute to be used for comparision","description_kind":"plain","required":true},"dynamic_key":{"type":"string","description":"The key of the attribute, which need dynamic keys. Not applicable otherwise, as the attibute itself acts as a key. Possible values are AMAZON_ECR_IMAGE_ACCOUNT_ID,AMAZON_ECR_IMAGE_REGION, AMAZON_LAMBDA_FUNCTION_NAME, AMAZON_REGION, APACHE_CONFIG_PATH, APACHE_SPARK_MASTER_IP_ADDRESS, ASP_DOT_NET_CORE_APPLICATION_PATH, AWS_ECS_CLUSTER, AWS_ECS_CONTAINERNAME, AWS_ECS_FAMILY, AWS_ECS_REVISION, CASSANDRA_CLUSTER_NAME, CATALINA_BASE, CATALINA_HOME, CLOUD_FOUNDRY_APP_ID, CLOUD_FOUNDRY_APP_NAME, CLOUD_FOUNDRY_INSTANCE_INDEX, CLOUD_FOUNDRY_SPACE_ID, CLOUD_FOUNDRY_SPACE_NAME, COLDFUSION_JVM_CONFIG_FILE, COLDFUSION_SERVICE_NAME, COMMAND_LINE_ARGS, DOTNET_COMMAND, DOTNET_COMMAND_PATH, DYNATRACE_CLUSTER_ID, DYNATRACE_NODE_ID, ELASTICSEARCH_CLUSTER_NAME, ELASTICSEARCH_NODE_NAME, EQUINOX_CONFIG_PATH, EXE_NAME, EXE_PATH, GLASS_FISH_DOMAIN_NAME, GLASS_FISH_INSTANCE_NAME, GOOGLE_APP_ENGINE_INSTANCE, GOOGLE_APP_ENGINE_SERVICE, GOOGLE_CLOUD_PROJECT, HYBRIS_BIN_DIRECTORY, HYBRIS_CONFIG_DIRECTORY, HYBRIS_DATA_DIRECTORY, IBM_CICS_REGION, IBM_CTG_NAME, IBM_IMS_CONNECT_REGION, IBM_IMS_CONTROL_REGION, IBM_IMS_MESSAGE_PROCESSING_REGION, IBM_IMS_SOAP_GW_NAME, IBM_INTEGRATION_NODE_NAME, IBM_INTEGRATION_SERVER_NAME, IIS_APP_POOL, IIS_ROLE_NAME, JAVA_JAR_FILE, JAVA_JAR_PATH, JAVA_MAIN_CLASS, JAVA_MAIN_MODULE, JBOSS_HOME, JBOSS_MODE, JBOSS_SERVER_NAME, KUBERNETES_BASE_POD_NAME, KUBERNETES_CONTAINER_NAME, KUBERNETES_FULL_POD_NAME, KUBERNETES_NAMESPACE, KUBERNETES_POD_UID, MSSQL_INSTANCE_NAME, NODE_JS_APP_BASE_DIRECTORY, NODE_JS_APP_NAME, NODE_JS_SCRIPT_NAME, ORACLE_SID, PG_ID_CALC_INPUT_KEY_LINKAGE, PHP_SCRIPT_PATH, PHP_WORKING_DIRECTORY, RUBY_APP_ROOT_PATH, RUBY_SCRIPT_PATH, RULE_RESULT, SOFTWAREAG_INSTALL_ROOT, SOFTWAREAG_PRODUCTPROPNAME, SPRINGBOOT_APP_NAME, SPRINGBOOT_PROFILE_NAME, SPRINGBOOT_STARTUP_CLASS, TIBCO_BUSINESSWORKS_CE_APP_NAME, TIBCO_BUSINESSWORKS_CE_VERSION, TIBCO_BUSINESS_WORKS_APP_NODE_NAME, TIBCO_BUSINESS_WORKS_APP_SPACE_NAME, TIBCO_BUSINESS_WORKS_DOMAIN_NAME, TIBCO_BUSINESS_WORKS_ENGINE_PROPERTY_FILE, TIBCO_BUSINESS_WORKS_ENGINE_PROPERTY_FILE_PATH, TIBCO_BUSINESS_WORKS_HOME, VARNISH_INSTANCE_NAME, WEB_LOGIC_CLUSTER_NAME, WEB_LOGIC_DOMAIN_NAME, WEB_LOGIC_HOME, WEB_LOGIC_NAME, WEB_SPHERE_CELL_NAME, WEB_SPHERE_CLUSTER_NAME, WEB_SPHERE_NODE_NAME and WEB_SPHERE_SERVER_NAME","description_kind":"plain","required":true},"unknowns":{"type":"string","description":"Any attributes that aren't yet supported by this provider but have meanwhile gotten introduced by a newer version of the Dynatrace REST API","description_kind":"plain","optional":true}},"description":"The key for dynamic attributes of the `PROCESS_PREDEFINED_METADATA_KEY` type","description_kind":"plain"}},"process_metadata_condition_key":{"nesting_mode":"list","block":{"attributes":{"attribute":{"type":"string","description":"The attribute to be used for comparision","description_kind":"plain","required":true},"dynamic_key":{"type":"string","description":"The key of the attribute, which need dynamic keys. Not applicable otherwise, as the attibute itself acts as a key. Possible values are AMAZON_ECR_IMAGE_ACCOUNT_ID,AMAZON_ECR_IMAGE_REGION, AMAZON_LAMBDA_FUNCTION_NAME, AMAZON_REGION, APACHE_CONFIG_PATH, APACHE_SPARK_MASTER_IP_ADDRESS, ASP_DOT_NET_CORE_APPLICATION_PATH, AWS_ECS_CLUSTER, AWS_ECS_CONTAINERNAME, AWS_ECS_FAMILY, AWS_ECS_REVISION, CASSANDRA_CLUSTER_NAME, CATALINA_BASE, CATALINA_HOME, CLOUD_FOUNDRY_APP_ID, CLOUD_FOUNDRY_APP_NAME, CLOUD_FOUNDRY_INSTANCE_INDEX, CLOUD_FOUNDRY_SPACE_ID, CLOUD_FOUNDRY_SPACE_NAME, COLDFUSION_JVM_CONFIG_FILE, COLDFUSION_SERVICE_NAME, COMMAND_LINE_ARGS, DOTNET_COMMAND, DOTNET_COMMAND_PATH, DYNATRACE_CLUSTER_ID, DYNATRACE_NODE_ID, ELASTICSEARCH_CLUSTER_NAME, ELASTICSEARCH_NODE_NAME, EQUINOX_CONFIG_PATH, EXE_NAME, EXE_PATH, GLASS_FISH_DOMAIN_NAME, GLASS_FISH_INSTANCE_NAME, GOOGLE_APP_ENGINE_INSTANCE, GOOGLE_APP_ENGINE_SERVICE, GOOGLE_CLOUD_PROJECT, HYBRIS_BIN_DIRECTORY, HYBRIS_CONFIG_DIRECTORY, HYBRIS_DATA_DIRECTORY, IBM_CICS_REGION, IBM_CTG_NAME, IBM_IMS_CONNECT_REGION, IBM_IMS_CONTROL_REGION, IBM_IMS_MESSAGE_PROCESSING_REGION, IBM_IMS_SOAP_GW_NAME, IBM_INTEGRATION_NODE_NAME, IBM_INTEGRATION_SERVER_NAME, IIS_APP_POOL, IIS_ROLE_NAME, JAVA_JAR_FILE, JAVA_JAR_PATH, JAVA_MAIN_CLASS, JAVA_MAIN_MODULE, JBOSS_HOME, JBOSS_MODE, JBOSS_SERVER_NAME, KUBERNETES_BASE_POD_NAME, KUBERNETES_CONTAINER_NAME, KUBERNETES_FULL_POD_NAME, KUBERNETES_NAMESPACE, KUBERNETES_POD_UID, MSSQL_INSTANCE_NAME, NODE_JS_APP_BASE_DIRECTORY, NODE_JS_APP_NAME, NODE_JS_SCRIPT_NAME, ORACLE_SID, PG_ID_CALC_INPUT_KEY_LINKAGE, PHP_SCRIPT_PATH, PHP_WORKING_DIRECTORY, RUBY_APP_ROOT_PATH, RUBY_SCRIPT_PATH, RULE_RESULT, SOFTWAREAG_INSTALL_ROOT, SOFTWAREAG_PRODUCTPROPNAME, SPRINGBOOT_APP_NAME, SPRINGBOOT_PROFILE_NAME, SPRINGBOOT_STARTUP_CLASS, TIBCO_BUSINESSWORKS_CE_APP_NAME, TIBCO_BUSINESSWORKS_CE_VERSION, TIBCO_BUSINESS_WORKS_APP_NODE_NAME, TIBCO_BUSINESS_WORKS_APP_SPACE_NAME, TIBCO_BUSINESS_WORKS_DOMAIN_NAME, TIBCO_BUSINESS_WORKS_ENGINE_PROPERTY_FILE, TIBCO_BUSINESS_WORKS_ENGINE_PROPERTY_FILE_PATH, TIBCO_BUSINESS_WORKS_HOME, VARNISH_INSTANCE_NAME, WEB_LOGIC_CLUSTER_NAME, WEB_LOGIC_DOMAIN_NAME, WEB_LOGIC_HOME, WEB_LOGIC_NAME, WEB_SPHERE_CELL_NAME, WEB_SPHERE_CLUSTER_NAME, WEB_SPHERE_NODE_NAME and WEB_SPHERE_SERVER_NAME","description_kind":"plain","required":true},"type":{"type":"string","description":"if specified, needs to be PROCESS_PREDEFINED_METADATA_KEY","description_kind":"plain","deprecated":true,"optional":true},"unknowns":{"type":"string","description":"Any attributes that aren't yet supported by this provider but have meanwhile gotten introduced by a newer version of the Dynatrace REST API","description_kind":"plain","optional":true}},"description":"The key for dynamic attributes of the `PROCESS_PREDEFINED_METADATA_KEY` type","description_kind":"plain","deprecated":true}},"service_topology":{"nesting_mode":"list","block":{"attributes":{"negate":{"type":"bool","description":"Reverses the operator. For example it turns the **begins with** into **does not begin with**","description_kind":"plain","optional":true},"operator":{"type":"string","description":"Operator of the comparison. Possible values are EQUALS and EXISTS. You can reverse it by setting **negate** to `true`","description_kind":"plain","required":true},"unknowns":{"type":"string","description":"Any attributes that aren't yet supported by this provider","description_kind":"plain","optional":true},"value":{"type":"string","description":"The value to compare to. Possible values are EXTERNAL_SERVICE, FULLY_MONITORED and OPAQUE_SERVICE.","description_kind":"plain","optional":true}},"description":"Comparison for `SERVICE_TOPOLOGY` attributes","description_kind":"plain"}},"service_topology_comparison":{"nesting_mode":"list","block":{"attributes":{"negate":{"type":"bool","description":"Reverses the operator. For example it turns the **begins with** into **does not begin with**","description_kind":"plain","optional":true},"operator":{"type":"string","description":"Operator of the comparison. Possible values are EQUALS and EXISTS. You can reverse it by setting **negate** to `true`","description_kind":"plain","required":true},"type":{"type":"string","description":"if specified, needs to be SERVICE_TOPOLOGY","description_kind":"plain","deprecated":true,"optional":true},"unknowns":{"type":"string","description":"Any attributes that aren't yet supported by this provider","description_kind":"plain","optional":true},"value":{"type":"string","description":"The value to compare to. Possible values are EXTERNAL_SERVICE, FULLY_MONITORED and OPAQUE_SERVICE.","description_kind":"plain","optional":true}},"description":"Comparison for `SERVICE_TOPOLOGY` attributes","description_kind":"plain","deprecated":true}},"service_type":{"nesting_mode":"list","block":{"attributes":{"negate":{"type":"bool","description":"Reverses the operator. For example it turns the **begins with** into **does not begin with**","description_kind":"plain","optional":true},"operator":{"type":"string","description":"Operator of the comparison. Possible values are EQUALS and EXISTS. You can reverse it by setting **negate** to `true`","description_kind":"plain","required":true},"unknowns":{"type":"string","description":"Any attributes that aren't yet supported by this provider","description_kind":"plain","optional":true},"value":{"type":"string","description":"The value to compare to. Possible values are BACKGROUND_ACTIVITY, CICS_SERVICE, CUSTOM_SERVICE, DATABASE_SERVICE, ENTERPRISE_SERVICE_BUS_SERVICE, EXTERNAL, IBM_INTEGRATION_BUS_SERVICE, IMS_SERVICE, MESSAGING_SERVICE, QUEUE_LISTENER_SERVICE, RMI_SERVICE, RPC_SERVICE, WEB_REQUEST_SERVICE and WEB_SERVICE.","description_kind":"plain","optional":true}},"description":"Comparison for `SERVICE_TYPE` attributes","description_kind":"plain"}},"service_type_comparison":{"nesting_mode":"list","block":{"attributes":{"negate":{"type":"bool","description":"Reverses the operator. For example it turns the **begins with** into **does not begin with**","description_kind":"plain","optional":true},"operator":{"type":"string","description":"Operator of the comparison. Possible values are EQUALS and EXISTS. You can reverse it by setting **negate** to `true`","description_kind":"plain","required":true},"type":{"type":"string","description":"if specified, needs to be SERVICE_TYPE","description_kind":"plain","deprecated":true,"optional":true},"unknowns":{"type":"string","description":"Any attributes that aren't yet supported by this provider","description_kind":"plain","optional":true},"value":{"type":"string","description":"The value to compare to. Possible values are BACKGROUND_ACTIVITY, CICS_SERVICE, CUSTOM_SERVICE, DATABASE_SERVICE, ENTERPRISE_SERVICE_BUS_SERVICE, EXTERNAL, IBM_INTEGRATION_BUS_SERVICE, IMS_SERVICE, MESSAGING_SERVICE, QUEUE_LISTENER_SERVICE, RMI_SERVICE, RPC_SERVICE, WEB_REQUEST_SERVICE and WEB_SERVICE.","description_kind":"plain","optional":true}},"description":"Comparison for `SERVICE_TYPE` attributes","description_kind":"plain","deprecated":true}},"simple_host_tech_comparison":{"nesting_mode":"list","block":{"attributes":{"negate":{"type":"bool","description":"Reverses the operator. For example it turns the **begins with** into **does not begin with**","description_kind":"plain","optional":true},"operator":{"type":"string","description":"Operator of the comparison. Possible values are EQUALS and EXISTS. You can reverse it by setting **negate** to `true`","description_kind":"plain","required":true},"type":{"type":"string","description":"if specified, needs to be SIMPLE_HOST_TECH","description_kind":"plain","deprecated":true,"optional":true},"unknowns":{"type":"string","description":"Any attributes that aren't yet supported by this provider","description_kind":"plain","optional":true}},"block_types":{"value":{"nesting_mode":"list","block":{"attributes":{"type":{"type":"string","description":"Predefined technology, if technology is not predefined, then the verbatim type must be set. Possible values are APPARMOR, BOSH, BOSHBPM, CLOUDFOUNDRY, CONTAINERD, CRIO, DIEGO_CELL, DOCKER, GARDEN, GRSECURITY, KUBERNETES, OPENSHIFT, OPENSTACK_COMPUTE, OPENSTACK_CONTROLLER and SELINUX","description_kind":"plain","optional":true},"unknowns":{"type":"string","description":"Any attributes that aren't yet supported by this provider","description_kind":"plain","optional":true},"verbatim_type":{"type":"string","description":"Non-predefined technology, use for custom technologies","description_kind":"plain","optional":true}},"description":"The value to compare to","description_kind":"plain"},"max_items":1}},"description":"Comparison for `SIMPLE_HOST_TECH` attributes","description_kind":"plain","deprecated":true}},"simple_tech_comparison":{"nesting_mode":"list","block":{"attributes":{"negate":{"type":"bool","description":"Reverses the operator. For example it turns the **begins with** into **does not begin with**","description_kind":"plain","optional":true},"operator":{"type":"string","description":"Operator of the comparison. Possible values are EQUALS and EXISTS. You can reverse it by setting **negate** to `true`","description_kind":"plain","required":true},"type":{"type":"string","description":"if specified, needs to be SIMPLE_TECH","description_kind":"plain","deprecated":true,"optional":true},"unknowns":{"type":"string","description":"Any attributes that aren't yet supported by this provider","description_kind":"plain","optional":true}},"block_types":{"value":{"nesting_mode":"list","block":{"attributes":{"type":{"type":"string","description":"Predefined technology, if technology is not predefined, then the verbatim type must be set.","description_kind":"plain","optional":true},"unknowns":{"type":"string","description":"Any attributes that aren't yet supported by this provider","description_kind":"plain","optional":true},"verbatim_type":{"type":"string","description":"Non-predefined technology, use for custom technologies","description_kind":"plain","optional":true}},"description":"The value to compare to","description_kind":"plain"},"max_items":1}},"description":"Comparison for `SIMPLE_TECH` attributes","description_kind":"plain","deprecated":true}},"string":{"nesting_mode":"list","block":{"attributes":{"case_sensitive":{"type":"bool","description":"The comparison is case-sensitive (`true`) or insensitive (`false`)","description_kind":"plain","optional":true},"negate":{"type":"bool","description":"Reverses the operator. For example it turns the **begins with** into **does not begin with**","description_kind":"plain","optional":true},"operator":{"type":"string","description":"Operator of the comparison. Possible values are BEGINS_WITH, CONTAINS, ENDS_WITH, EQUALS, EXISTS and REGEX_MATCHES. You can reverse it by setting **negate** to `true`","description_kind":"plain","required":true},"unknowns":{"type":"string","description":"Any attributes that aren't yet supported by this provider","description_kind":"plain","optional":true},"value":{"type":"string","description":"The value to compare to","description_kind":"plain","optional":true}},"description":"Comparison for `STRING` attributes","description_kind":"plain"}},"string_comparison":{"nesting_mode":"list","block":{"attributes":{"case_sensitive":{"type":"bool","description":"The comparison is case-sensitive (`true`) or insensitive (`false`)","description_kind":"plain","optional":true},"negate":{"type":"bool","description":"Reverses the operator. For example it turns the **begins with** into **does not begin with**","description_kind":"plain","optional":true},"operator":{"type":"string","description":"Operator of the comparison. Possible values are BEGINS_WITH, CONTAINS, ENDS_WITH, EQUALS, EXISTS and REGEX_MATCHES. You can reverse it by setting **negate** to `true`","description_kind":"plain","required":true},"type":{"type":"string","description":"if specified, needs to be STRING","description_kind":"plain","deprecated":true,"optional":true},"unknowns":{"type":"string","description":"Any attributes that aren't yet supported by this provider","description_kind":"plain","optional":true},"value":{"type":"string","description":"The value to compare to","description_kind":"plain","optional":true}},"description":"Comparison for `STRING` attributes","description_kind":"plain","deprecated":true}},"string_condition_key":{"nesting_mode":"list","block":{"attributes":{"attribute":{"type":"string","description":"The attribute to be used for comparision","description_kind":"plain","required":true},"dynamic_key":{"type":"string","description":"The key of the attribute, which need dynamic keys. Not applicable otherwise, as the attibute itself acts as a key. Possible values are\n   - `AMAZON_ECR_IMAGE_ACCOUNT_ID`\n   - `AMAZON_ECR_IMAGE_REGION`\n   - `AMAZON_LAMBDA_FUNCTION_NAME`\n   - `AMAZON_REGION`\n   - `APACHE_CONFIG_PATH`\n   - `APACHE_SPARK_MASTER_IP_ADDRESS`\n   - `ASP_DOT_NET_CORE_APPLICATION_PATH`\n   - `AWS_ECS_CLUSTER`\n   - `AWS_ECS_CONTAINERNAME`\n   - `AWS_ECS_FAMILY`\n   - `AWS_ECS_REVISION`\n   - `CASSANDRA_CLUSTER_NAME`\n   - `CATALINA_BASE`\n   - `CATALINA_HOME`\n   - `CLOUD_FOUNDRY_APP_ID`\n   - `CLOUD_FOUNDRY_APP_NAME`\n   - `CLOUD_FOUNDRY_INSTANCE_INDEX`\n   - `CLOUD_FOUNDRY_SPACE_ID`\n   - `CLOUD_FOUNDRY_SPACE_NAME`\n   - `COLDFUSION_JVM_CONFIG_FILE`\n   - `COLDFUSION_SERVICE_NAME`\n   - `COMMAND_LINE_ARGS`\n   - `DOTNET_COMMAND`\n   - `DOTNET_COMMAND_PATH`\n   - `DYNATRACE_CLUSTER_ID`\n   - `DYNATRACE_NODE_ID`\n   - `ELASTICSEARCH_CLUSTER_NAME`\n   - `ELASTICSEARCH_NODE_NAME`\n   - `EQUINOX_CONFIG_PATH`\n   - `EXE_NAME`\n   - `EXE_PATH`\n   - `GLASS_FISH_DOMAIN_NAME`\n   - `GLASS_FISH_INSTANCE_NAME`\n   - `GOOGLE_APP_ENGINE_INSTANCE`\n   - `GOOGLE_APP_ENGINE_SERVICE`\n   - `GOOGLE_CLOUD_PROJECT`\n   - `HYBRIS_BIN_DIRECTORY`\n   - `HYBRIS_CONFIG_DIRECTORY`\n   - `HYBRIS_DATA_DIRECTORY`\n   - `IBM_CICS_REGION`\n   - `IBM_CTG_NAME`\n   - `IBM_IMS_CONNECT_REGION`\n   - `IBM_IMS_CONTROL_REGION`\n   - `IBM_IMS_MESSAGE_PROCESSING_REGION`\n   - `IBM_IMS_SOAP_GW_NAME`\n   - `IBM_INTEGRATION_NODE_NAME`\n   - `IBM_INTEGRATION_SERVER_NAME`\n   - `IIS_APP_POOL`\n   - `IIS_ROLE_NAME`\n   - `JAVA_JAR_FILE`\n   - `JAVA_JAR_PATH`\n   - `JAVA_MAIN_CLASS`\n   - `JAVA_MAIN_MODULE`\n   - `JBOSS_HOME`\n   - `JBOSS_MODE`\n   - `JBOSS_SERVER_NAME`\n   - `KUBERNETES_BASE_POD_NAME`\n   - `KUBERNETES_CONTAINER_NAME`\n   - `KUBERNETES_FULL_POD_NAME`\n   - `KUBERNETES_NAMESPACE`\n   - `KUBERNETES_POD_UID`\n   - `MSSQL_INSTANCE_NAME`\n   - `NODE_JS_APP_BASE_DIRECTORY`\n   - `NODE_JS_APP_NAME`\n   - `NODE_JS_SCRIPT_NAME`\n   - `ORACLE_SID`\n   - `PG_ID_CALC_INPUT_KEY_LINKAGE`\n   - `PHP_SCRIPT_PATH`\n   - `PHP_WORKING_DIRECTORY`\n   - `RUBY_APP_ROOT_PATH`\n   - `RUBY_SCRIPT_PATH`\n   - `RULE_RESULT`\n   - `SOFTWAREAG_INSTALL_ROOT`\n   - `SOFTWAREAG_PRODUCTPROPNAME`\n   - `SPRINGBOOT_APP_NAME`\n   - `SPRINGBOOT_PROFILE_NAME`\n   - `SPRINGBOOT_STARTUP_CLASS`\n   - `TIBCO_BUSINESSWORKS_CE_APP_NAME`\n   - `TIBCO_BUSINESSWORKS_CE_VERSION`\n   - `TIBCO_BUSINESS_WORKS_APP_NODE_NAME`\n   - `TIBCO_BUSINESS_WORKS_APP_SPACE_NAME`\n   - `TIBCO_BUSINESS_WORKS_DOMAIN_NAME`\n   - `TIBCO_BUSINESS_WORKS_ENGINE_PROPERTY_FILE`\n   - `TIBCO_BUSINESS_WORKS_ENGINE_PROPERTY_FILE_PATH`\n   - `TIBCO_BUSINESS_WORKS_HOME`\n   - `VARNISH_INSTANCE_NAME`\n   - `WEB_LOGIC_CLUSTER_NAME`\n   - `WEB_LOGIC_DOMAIN_NAME`\n   - `WEB_LOGIC_HOME`\n   - `WEB_LOGIC_NAME`\n   - `WEB_SPHERE_CELL_NAME`\n   - `WEB_SPHERE_CLUSTER_NAME`\n   - `WEB_SPHERE_NODE_NAME and WEB_SPHERE_SERVER_NAME`","description_kind":"plain","required":true},"type":{"type":"string","description":"if specified, needs to be `STRING`","description_kind":"plain","deprecated":true,"optional":true},"unknowns":{"type":"string","description":"Any attributes that aren't yet supported by this provider but have meanwhile gotten introduced by a newer version of the Dynatrace REST API","description_kind":"plain","optional":true}},"description":" The key for dynamic attributes of the `STRING` type","description_kind":"plain","deprecated":true}},"string_key":{"nesting_mode":"list","block":{"attributes":{"attribute":{"type":"string","description":"The attribute to be used for comparision","description_kind":"plain","required":true},"dynamic_key":{"type":"string","description":"The key of the attribute, which need dynamic keys. Not applicable otherwise, as the attibute itself acts as a key. Possible values are\n   - `AMAZON_ECR_IMAGE_ACCOUNT_ID`\n   - `AMAZON_ECR_IMAGE_REGION`\n   - `AMAZON_LAMBDA_FUNCTION_NAME`\n   - `AMAZON_REGION`\n   - `APACHE_CONFIG_PATH`\n   - `APACHE_SPARK_MASTER_IP_ADDRESS`\n   - `ASP_DOT_NET_CORE_APPLICATION_PATH`\n   - `AWS_ECS_CLUSTER`\n   - `AWS_ECS_CONTAINERNAME`\n   - `AWS_ECS_FAMILY`\n   - `AWS_ECS_REVISION`\n   - `CASSANDRA_CLUSTER_NAME`\n   - `CATALINA_BASE`\n   - `CATALINA_HOME`\n   - `CLOUD_FOUNDRY_APP_ID`\n   - `CLOUD_FOUNDRY_APP_NAME`\n   - `CLOUD_FOUNDRY_INSTANCE_INDEX`\n   - `CLOUD_FOUNDRY_SPACE_ID`\n   - `CLOUD_FOUNDRY_SPACE_NAME`\n   - `COLDFUSION_JVM_CONFIG_FILE`\n   - `COLDFUSION_SERVICE_NAME`\n   - `COMMAND_LINE_ARGS`\n   - `DOTNET_COMMAND`\n   - `DOTNET_COMMAND_PATH`\n   - `DYNATRACE_CLUSTER_ID`\n   - `DYNATRACE_NODE_ID`\n   - `ELASTICSEARCH_CLUSTER_NAME`\n   - `ELASTICSEARCH_NODE_NAME`\n   - `EQUINOX_CONFIG_PATH`\n   - `EXE_NAME`\n   - `EXE_PATH`\n   - `GLASS_FISH_DOMAIN_NAME`\n   - `GLASS_FISH_INSTANCE_NAME`\n   - `GOOGLE_APP_ENGINE_INSTANCE`\n   - `GOOGLE_APP_ENGINE_SERVICE`\n   - `GOOGLE_CLOUD_PROJECT`\n   - `HYBRIS_BIN_DIRECTORY`\n   - `HYBRIS_CONFIG_DIRECTORY`\n   - `HYBRIS_DATA_DIRECTORY`\n   - `IBM_CICS_REGION`\n   - `IBM_CTG_NAME`\n   - `IBM_IMS_CONNECT_REGION`\n   - `IBM_IMS_CONTROL_REGION`\n   - `IBM_IMS_MESSAGE_PROCESSING_REGION`\n   - `IBM_IMS_SOAP_GW_NAME`\n   - `IBM_INTEGRATION_NODE_NAME`\n   - `IBM_INTEGRATION_SERVER_NAME`\n   - `IIS_APP_POOL`\n   - `IIS_ROLE_NAME`\n   - `JAVA_JAR_FILE`\n   - `JAVA_JAR_PATH`\n   - `JAVA_MAIN_CLASS`\n   - `JAVA_MAIN_MODULE`\n   - `JBOSS_HOME`\n   - `JBOSS_MODE`\n   - `JBOSS_SERVER_NAME`\n   - `KUBERNETES_BASE_POD_NAME`\n   - `KUBERNETES_CONTAINER_NAME`\n   - `KUBERNETES_FULL_POD_NAME`\n   - `KUBERNETES_NAMESPACE`\n   - `KUBERNETES_POD_UID`\n   - `MSSQL_INSTANCE_NAME`\n   - `NODE_JS_APP_BASE_DIRECTORY`\n   - `NODE_JS_APP_NAME`\n   - `NODE_JS_SCRIPT_NAME`\n   - `ORACLE_SID`\n   - `PG_ID_CALC_INPUT_KEY_LINKAGE`\n   - `PHP_SCRIPT_PATH`\n   - `PHP_WORKING_DIRECTORY`\n   - `RUBY_APP_ROOT_PATH`\n   - `RUBY_SCRIPT_PATH`\n   - `RULE_RESULT`\n   - `SOFTWAREAG_INSTALL_ROOT`\n   - `SOFTWAREAG_PRODUCTPROPNAME`\n   - `SPRINGBOOT_APP_NAME`\n   - `SPRINGBOOT_PROFILE_NAME`\n   - `SPRINGBOOT_STARTUP_CLASS`\n   - `TIBCO_BUSINESSWORKS_CE_APP_NAME`\n   - `TIBCO_BUSINESSWORKS_CE_VERSION`\n   - `TIBCO_BUSINESS_WORKS_APP_NODE_NAME`\n   - `TIBCO_BUSINESS_WORKS_APP_SPACE_NAME`\n   - `TIBCO_BUSINESS_WORKS_DOMAIN_NAME`\n   - `TIBCO_BUSINESS_WORKS_ENGINE_PROPERTY_FILE`\n   - `TIBCO_BUSINESS_WORKS_ENGINE_PROPERTY_FILE_PATH`\n   - `TIBCO_BUSINESS_WORKS_HOME`\n   - `VARNISH_INSTANCE_NAME`\n   - `WEB_LOGIC_CLUSTER_NAME`\n   - `WEB_LOGIC_DOMAIN_NAME`\n   - `WEB_LOGIC_HOME`\n   - `WEB_LOGIC_NAME`\n   - `WEB_SPHERE_CELL_NAME`\n   - `WEB_SPHERE_CLUSTER_NAME`\n   - `WEB_SPHERE_NODE_NAME and WEB_SPHERE_SERVER_NAME`","description_kind":"plain","required":true},"unknowns":{"type":"string","description":"Any attributes that aren't yet supported by this provider but have meanwhile gotten introduced by a newer version of the Dynatrace REST API","description_kind":"plain","optional":true}},"description":" The key for dynamic attributes of the `STRING` type","description_kind":"plain"}},"synthetic_engine":{"nesting_mode":"list","block":{"attributes":{"negate":{"type":"bool","description":"Reverses the operator. For example it turns the **begins with** into **does not begin with**","description_kind":"plain","optional":true},"operator":{"type":"string","description":"Operator of the comparison. Possible values are  EQUALS and EXISTS. You can reverse it by setting **negate** to `true`","description_kind":"plain","required":true},"unknowns":{"type":"string","description":"Any attributes that aren't yet supported by this provider","description_kind":"plain","optional":true},"value":{"type":"string","description":"The value to compare to. Possible values are CLASSIC and CUSTOM","description_kind":"plain","optional":true}},"description":"Comparison for `SYNTHETIC_ENGINE_TYPE` attributes","description_kind":"plain"}},"synthetic_engine_type_comparison":{"nesting_mode":"list","block":{"attributes":{"negate":{"type":"bool","description":"Reverses the operator. For example it turns the **begins with** into **does not begin with**","description_kind":"plain","optional":true},"operator":{"type":"string","description":"Operator of the comparison. Possible values are  EQUALS and EXISTS. You can reverse it by setting **negate** to `true`","description_kind":"plain","required":true},"type":{"type":"string","description":"if specified, needs to be SYNTHETIC_ENGINE_TYPE","description_kind":"plain","deprecated":true,"optional":true},"unknowns":{"type":"string","description":"Any attributes that aren't yet supported by this provider","description_kind":"plain","optional":true},"value":{"type":"string","description":"The value to compare to. Possible values are CLASSIC and CUSTOM","description_kind":"plain","optional":true}},"description":"Comparison for `SYNTHETIC_ENGINE_TYPE` attributes","description_kind":"plain","deprecated":true}},"tag":{"nesting_mode":"list","block":{"attributes":{"negate":{"type":"bool","description":"Reverses the operator. For example it turns the **begins with** into **does not begin with**","description_kind":"plain","optional":true},"operator":{"type":"string","description":"Operator of the comparison. Possible values are EQUALS and TAG_KEY_EQUALS. You can reverse it by setting **negate** to `true`","description_kind":"plain","required":true},"unknowns":{"type":"string","description":"Any attributes that aren't yet supported by this provider","description_kind":"plain","optional":true}},"block_types":{"value":{"nesting_mode":"list","block":{"attributes":{"context":{"type":"string","description":"The origin of the tag, such as AWS or Cloud Foundry. Possible values are AWS, AWS_GENERIC, AZURE, CLOUD_FOUNDRY, CONTEXTLESS, ENVIRONMENT, GOOGLE_CLOUD and KUBERNETES. Custom tags use the `CONTEXTLESS` value","description_kind":"plain","required":true},"key":{"type":"string","description":"The key of the tag. Custom tags have the tag value here","description_kind":"plain","required":true},"unknowns":{"type":"string","description":"Any attributes that aren't yet supported by this provider but have meanwhile gotten introduced by a newer version of the Dynatrace REST API","description_kind":"plain","optional":true},"value":{"type":"string","description":"The value of the tag. Not applicable to custom tags","description_kind":"plain","optional":true}},"description":"Tag of a Dynatrace entity","description_kind":"plain"},"max_items":1}},"description":"Comparison for `TAG` attributes","description_kind":"plain"}},"tag_comparison":{"nesting_mode":"list","block":{"attributes":{"negate":{"type":"bool","description":"Reverses the operator. For example it turns the **begins with** into **does not begin with**","description_kind":"plain","optional":true},"operator":{"type":"string","description":"Operator of the comparison. Possible values are EQUALS and TAG_KEY_EQUALS. You can reverse it by setting **negate** to `true`","description_kind":"plain","required":true},"type":{"type":"string","description":"if specified, needs to be TAG","description_kind":"plain","deprecated":true,"optional":true},"unknowns":{"type":"string","description":"Any attributes that aren't yet supported by this provider","description_kind":"plain","optional":true}},"block_types":{"value":{"nesting_mode":"list","block":{"attributes":{"context":{"type":"string","description":"The origin of the tag, such as AWS or Cloud Foundry. Possible values are AWS, AWS_GENERIC, AZURE, CLOUD_FOUNDRY, CONTEXTLESS, ENVIRONMENT, GOOGLE_CLOUD and KUBERNETES. Custom tags use the `CONTEXTLESS` value","description_kind":"plain","required":true},"key":{"type":"string","description":"The key of the tag. Custom tags have the tag value here","description_kind":"plain","required":true},"unknowns":{"type":"string","description":"Any attributes that aren't yet supported by this provider but have meanwhile gotten introduced by a newer version of the Dynatrace REST API","description_kind":"plain","optional":true},"value":{"type":"string","description":"The value of the tag. Not applicable to custom tags","description_kind":"plain","optional":true}},"description":"Tag of a Dynatrace entity","description_kind":"plain"},"max_items":1}},"description":"Comparison for `TAG` attributes","description_kind":"plain","deprecated":true}},"tech":{"nesting_mode":"list","block":{"attributes":{"negate":{"type":"bool","description":"Reverses the operator. For example it turns the **begins with** into **does not begin with**","description_kind":"plain","optional":true},"operator":{"type":"string","description":"Operator of the comparison. Possible values are EQUALS and EXISTS. You can reverse it by setting **negate** to `true`","description_kind":"plain","required":true},"unknowns":{"type":"string","description":"Any attributes that aren't yet supported by this provider","description_kind":"plain","optional":true}},"block_types":{"value":{"nesting_mode":"list","block":{"attributes":{"type":{"type":"string","description":"Predefined technology, if technology is not predefined, then the verbatim type must be set.","description_kind":"plain","optional":true},"unknowns":{"type":"string","description":"Any attributes that aren't yet supported by this provider","description_kind":"plain","optional":true},"verbatim_type":{"type":"string","description":"Non-predefined technology, use for custom technologies","description_kind":"plain","optional":true}},"description":"The value to compare to","description_kind":"plain"},"max_items":1}},"description":"Comparison for `SIMPLE_TECH` attributes","description_kind":"plain"}}},"description":"A conditions for the metric usage","description_kind":"plain"}}},"description":"A list of matching conditions of the rule.  The rule applies only if **all** conditions are fulfilled","description_kind":"plain"}}},"description_kind":"plain"}},"dynatrace_request_attribute":{"version":0,"block":{"attributes":{"aggregation":{"type":"string","description":"Aggregation type for the request values","description_kind":"plain","required":true},"confidential":{"type":"bool","description":"Confidential data flag. Set `true` to treat the captured data as confidential","description_kind":"plain","optional":true},"data_type":{"type":"string","description":"The data type of the request attribute","description_kind":"plain","required":true},"enabled":{"type":"bool","description":"The request attribute is enabled (`true`) or disabled (`false`)","description_kind":"plain","optional":true},"id":{"type":"string","description_kind":"plain","optional":true,"computed":true},"name":{"type":"string","description":"The name of the request attribute","description_kind":"plain","required":true},"normalization":{"type":"string","description":"String values transformation.   If the **dataType** is not `string`, set the `Original` here","description_kind":"plain","required":true},"skip_personal_data_masking":{"type":"bool","description":"Personal data masking flag. Set `true` to skip masking.   Warning: This will potentially access personalized data","description_kind":"plain","optional":true},"unknowns":{"type":"string","description":"allows for configuring properties that are not explicitly supported by the current version of this provider","description_kind":"plain","optional":true}},"block_types":{"data_sources":{"nesting_mode":"list","block":{"attributes":{"capturing_and_storage_location":{"type":"string","description":"Specifies the location where the values are captured and stored.  Required if the **source** is one of the following: `GET_PARAMETER`, `URI`, `REQUEST_HEADER`, `RESPONSE_HEADER`.   Not applicable in other cases.   If the **source** value is `REQUEST_HEADER` or `RESPONSE_HEADER`, the `CAPTURE_AND_STORE_ON_BOTH` location is not allowed","description_kind":"plain","optional":true},"enabled":{"type":"bool","description":"The data source is enabled (`true`) or disabled (`false`)","description_kind":"plain","required":true},"iib_node_type":{"type":"string","description":"The IBM integration bus node type for which the value is captured.  This or `iibMethodNodeCondition` is required if the **source** is: `IIB_NODE`.  Not applicable in other cases","description_kind":"plain","optional":true},"parameter_name":{"type":"string","description":"The name of the web request parameter to capture.  Required if the **source** is one of the following: `POST_PARAMETER`, `GET_PARAMETER`, `REQUEST_HEADER`, `RESPONSE_HEADER`, `CUSTOM_ATTRIBUTE`.  Not applicable in other cases","description_kind":"plain","optional":true},"session_attribute_technology":{"type":"string","description":"The technology of the session attribute to capture if the **source** value is `SESSION_ATTRIBUTE`. \n\n Not applicable in other cases","description_kind":"plain","optional":true},"source":{"type":"string","description":"The source of the attribute to capture. Works in conjunction with **parameterName** or **methods** and **technology**","description_kind":"plain","required":true},"technology":{"type":"string","description":"The technology of the method to capture if the **source** value is `METHOD_PARAM`. \n\n Not applicable in other cases","description_kind":"plain","optional":true},"unknowns":{"type":"string","description":"allows for configuring properties that are not explicitly supported by the current version of this provider","description_kind":"plain","optional":true}},"block_types":{"cics_sdk_method_node_condition":{"nesting_mode":"list","block":{"attributes":{"negate":{"type":"bool","description":"Negate the comparison","description_kind":"plain","optional":true},"operator":{"type":"string","description":"Operator comparing the extracted value to the comparison value","description_kind":"plain","required":true},"unknowns":{"type":"string","description":"allows for configuring properties that are not explicitly supported by the current version of this provider","description_kind":"plain","optional":true},"value":{"type":"string","description":"The value to compare to","description_kind":"plain","required":true}},"description":"IBM integration bus label node name condition for which the value is captured","description_kind":"plain"},"max_items":1},"iib_label_method_node_condition":{"nesting_mode":"list","block":{"attributes":{"negate":{"type":"bool","description":"Negate the comparison","description_kind":"plain","optional":true},"operator":{"type":"string","description":"Operator comparing the extracted value to the comparison value","description_kind":"plain","required":true},"unknowns":{"type":"string","description":"allows for configuring properties that are not explicitly supported by the current version of this provider","description_kind":"plain","optional":true},"value":{"type":"string","description":"The value to compare to","description_kind":"plain","required":true}},"description":"IBM integration bus label node name condition for which the value is captured","description_kind":"plain"},"max_items":1},"iib_method_node_condition":{"nesting_mode":"list","block":{"attributes":{"negate":{"type":"bool","description":"Negate the comparison","description_kind":"plain","optional":true},"operator":{"type":"string","description":"Operator comparing the extracted value to the comparison value","description_kind":"plain","required":true},"unknowns":{"type":"string","description":"allows for configuring properties that are not explicitly supported by the current version of this provider","description_kind":"plain","optional":true},"value":{"type":"string","description":"The value to compare to","description_kind":"plain","required":true}},"description":"IBM integration bus label node name condition for which the value is captured","description_kind":"plain"},"max_items":1},"methods":{"nesting_mode":"list","block":{"attributes":{"argument_index":{"type":"number","description":"The index of the argument to capture. Set `0` to capture the return value, `1` or higher to capture a mehtod argument.   Required if the **capture** is set to `ARGUMENT`.  Not applicable in other cases","description_kind":"plain","optional":true},"capture":{"type":"string","description":"What to capture from the method","description_kind":"plain","required":true},"deep_object_access":{"type":"string","description":"The getter chain to apply to the captured object. It is required in one of the following cases:  The **capture** is set to `THIS`.    The **capture** is set to `ARGUMENT`, and the argument is not a primitive, a primitive wrapper class, a string, or an array.   Not applicable in other cases","description_kind":"plain","optional":true},"unknowns":{"type":"string","description":"allows for configuring properties that are not explicitly supported by the current version of this provider","description_kind":"plain","optional":true}},"block_types":{"method":{"nesting_mode":"list","block":{"attributes":{"argument_types":{"type":["list","string"],"description":"Configuration of a method to be captured","description_kind":"plain","optional":true},"class_name":{"type":"string","description":"The class name where the method to capture resides.   Either this or the **fileName** must be set","description_kind":"plain","optional":true},"file_name":{"type":"string","description":"The file name where the method to capture resides.   Either this or **className** must be set","description_kind":"plain","optional":true},"file_name_matcher":{"type":"string","description":"The operator of the comparison. If not set, `EQUALS` is used","description_kind":"plain","optional":true},"method_name":{"type":"string","description":"The name of the method to capture","description_kind":"plain","required":true},"modifiers":{"type":["set","string"],"description":"The modifiers of the method to capture","description_kind":"plain","optional":true},"return_type":{"type":"string","description":"The return type","description_kind":"plain","required":true},"unknowns":{"type":"string","description":"allows for configuring properties that are not explicitly supported by the current version of this provider","description_kind":"plain","optional":true},"visibility":{"type":"string","description":"The visibility of the method to capture","description_kind":"plain","required":true}},"description":"Configuration of a method to be captured","description_kind":"plain"},"max_items":1}},"description":"The method specification if the **source** value is `METHOD_PARAM`.   Not applicable in other cases","description_kind":"plain"}},"scope":{"nesting_mode":"list","block":{"attributes":{"host_group":{"type":"string","description":"Only applies to this host group","description_kind":"plain","optional":true},"process_group":{"type":"string","description":"Only applies to this process group. Note that this can't be transferred between different clusters or environments","description_kind":"plain","optional":true},"service_technology":{"type":"string","description":"Only applies to this service technology","description_kind":"plain","optional":true},"tag_of_process_group":{"type":"string","description":"Only apply to process groups matching this tag","description_kind":"plain","optional":true},"unknowns":{"type":"string","description":"allows for configuring properties that are not explicitly supported by the current version of this provider","description_kind":"plain","optional":true}},"description":"Conditions for data capturing","description_kind":"plain"},"max_items":1},"value_processing":{"nesting_mode":"list","block":{"attributes":{"split_at":{"type":"string","description":"Split (preprocessed) string values at this separator","description_kind":"plain","optional":true},"trim":{"type":"bool","description":"Prune Whitespaces. Defaults to false","description_kind":"plain","optional":true},"unknowns":{"type":"string","description":"allows for configuring properties that are not explicitly supported by the current version of this provider","description_kind":"plain","optional":true},"value_extractor_regex":{"type":"string","description":"Extract value from captured data per regex","description_kind":"plain","optional":true}},"block_types":{"extract_substring":{"nesting_mode":"list","block":{"attributes":{"delimiter":{"type":"string","description":"The delimiter string","description_kind":"plain","required":true},"end_delimiter":{"type":"string","description":"The end-delimiter string.   Required if the **position** value is `BETWEEN`. Otherwise not allowed","description_kind":"plain","optional":true},"position":{"type":"string","description":"The position of the extracted string relative to delimiters","description_kind":"plain","required":true},"unknowns":{"type":"string","description":"allows for configuring properties that are not explicitly supported by the current version of this provider","description_kind":"plain","optional":true}},"description":"Preprocess by extracting a substring from the original value","description_kind":"plain"},"max_items":1},"value_condition":{"nesting_mode":"list","block":{"attributes":{"negate":{"type":"bool","description":"Negate the comparison","description_kind":"plain","optional":true},"operator":{"type":"string","description":"Operator comparing the extracted value to the comparison value","description_kind":"plain","required":true},"unknowns":{"type":"string","description":"allows for configuring properties that are not explicitly supported by the current version of this provider","description_kind":"plain","optional":true},"value":{"type":"string","description":"The value to compare to","description_kind":"plain","required":true}},"description":"IBM integration bus label node name condition for which the value is captured","description_kind":"plain"},"max_items":1}},"description":"Process values as specified","description_kind":"plain"},"max_items":1}},"description":"The list of data sources","description_kind":"plain"}}},"description_kind":"plain"}},"dynatrace_resource_attributes":{"version":0,"block":{"attributes":{"disabled":{"type":["set","string"],"description":"configured attributes that currently shouldn't be taken into consideration","description_kind":"plain","optional":true},"enabled":{"type":["set","string"],"description":"attributes that should get captured","description_kind":"plain","optional":true},"id":{"type":"string","description_kind":"plain","optional":true,"computed":true}},"description_kind":"plain"}},"dynatrace_service_anomalies":{"version":0,"block":{"attributes":{"id":{"type":"string","description_kind":"plain","optional":true,"computed":true}},"block_types":{"failure_rates":{"nesting_mode":"list","block":{"block_types":{"auto":{"nesting_mode":"list","block":{"attributes":{"absolute":{"type":"number","description":"Absolute increase of failing service calls to trigger an alert, %","description_kind":"plain","required":true},"relative":{"type":"number","description":"Relative increase of failing service calls to trigger an alert, %","description_kind":"plain","required":true},"unknowns":{"type":"string","description":"allows for configuring properties that are not explicitly supported by the current version of this provider","description_kind":"plain","optional":true}},"description":"Parameters of failure rate increase auto-detection. Example: If the expected error rate is 1.5%, and you set an absolute increase of 1%, and a relative increase of 50%, the thresholds will be:  Absolute: 1.5% + **1%** = 2.5%  Relative: 1.5% + 1.5% * **50%** = 2.25%","description_kind":"plain"},"max_items":1},"thresholds":{"nesting_mode":"list","block":{"attributes":{"sensitivity":{"type":"string","description":"Sensitivity of the threshold.  With `low` sensitivity, high statistical confidence is used. Brief violations (for example, due to a surge in load) won't trigger alerts.  With `high` sensitivity, no statistical confidence is used. Each violation triggers alert","description_kind":"plain","required":true},"threshold":{"type":"number","description":"Failure rate during any 5-minute period to trigger an alert, %","description_kind":"plain","required":true},"unknowns":{"type":"string","description":"allows for configuring properties that are not explicitly supported by the current version of this provider","description_kind":"plain","optional":true}},"description":"Fixed thresholds for failure rate increase detection","description_kind":"plain"},"max_items":1}},"description":"Configuration of failure rate increase detection. Detecting failure rate increases will be disabled if this block is omitted.","description_kind":"plain"},"max_items":1},"load":{"nesting_mode":"list","block":{"block_types":{"drops":{"nesting_mode":"list","block":{"attributes":{"minutes":{"type":"number","description":"Alert if the service stays in abnormal state for at least *X* minutes","description_kind":"plain","optional":true},"percent":{"type":"number","description":"Alert if the observed load is more than *X* % of the expected value","description_kind":"plain","optional":true}},"description":"The configuration of traffic drops detection","description_kind":"plain"},"max_items":1},"spikes":{"nesting_mode":"list","block":{"attributes":{"minutes":{"type":"number","description":"Alert if the service stays in abnormal state for at least *X* minutes","description_kind":"plain","optional":true},"percent":{"type":"number","description":"Alert if the observed load is more than *X* % of the expected value","description_kind":"plain","optional":true},"unknowns":{"type":"string","description":"allows for configuring properties that are not explicitly supported by the current version of this provider","description_kind":"plain","optional":true}},"description":"The configuration of traffic spikes detection","description_kind":"plain"},"max_items":1}},"description":"The configuration of load spikes detection. Detecting load spikes will be disabled if this block is omitted.","description_kind":"plain"},"max_items":1},"load_drops":{"nesting_mode":"list","block":{"attributes":{"minutes":{"type":"number","description":"Alert if the service stays in abnormal state for at least *X* minutes","description_kind":"plain","optional":true},"percent":{"type":"number","description":"Alert if the observed load is more than *X* % of the expected value","description_kind":"plain","optional":true}},"description":"The configuration of load drops detection. Detecting load drops will be disabled if this block is omitted.","description_kind":"plain"},"max_items":1},"response_times":{"nesting_mode":"list","block":{"block_types":{"auto":{"nesting_mode":"list","block":{"attributes":{"load":{"type":"string","description":"Minimal service load to detect response time degradation. Response time degradation of services with smaller load won't trigger alerts. Possible values are `FIFTEEN_REQUESTS_PER_MINUTE`, `FIVE_REQUESTS_PER_MINUTE`, `ONE_REQUEST_PER_MINUTE` and `TEN_REQUESTS_PER_MINUTE`","description_kind":"plain","required":true},"milliseconds":{"type":"number","description":"Alert if the response time degrades by more than *X* milliseconds","description_kind":"plain","required":true},"percent":{"type":"number","description":"Alert if the response time degrades by more than *X* %","description_kind":"plain","required":true},"slowest_milliseconds":{"type":"number","description":"Alert if the response time of the slowest 10% degrades by more than *X* milliseconds","description_kind":"plain","required":true},"slowest_percent":{"type":"number","description":"Alert if the response time of the slowest 10% degrades by more than *X* milliseconds","description_kind":"plain","required":true},"unknowns":{"type":"string","description":"allows for configuring properties that are not explicitly supported by the current version of this provider","description_kind":"plain","optional":true}},"description":"Parameters of the response time degradation auto-detection. Violation of **any** criterion triggers an alert","description_kind":"plain"},"max_items":1},"thresholds":{"nesting_mode":"list","block":{"attributes":{"load":{"type":"string","description":"Minimal service load to detect response time degradation. Response time degradation of services with smaller load won't trigger alerts. Possible values are `FIFTEEN_REQUESTS_PER_MINUTE`, `FIVE_REQUESTS_PER_MINUTE`, `ONE_REQUEST_PER_MINUTE` and `TEN_REQUESTS_PER_MINUTE`","description_kind":"plain","required":true},"milliseconds":{"type":"number","description":"Response time during any 5-minute period to trigger an alert, in milliseconds","description_kind":"plain","required":true},"sensitivity":{"type":"string","description":"Sensitivity of the threshold.  With `low` sensitivity, high statistical confidence is used. Brief violations (for example, due to a surge in load) won't trigger alerts.  With `high` sensitivity, no statistical confidence is used. Each violation triggers an alert","description_kind":"plain","required":true},"slowest_milliseconds":{"type":"number","description":"Response time of the 10% slowest during any 5-minute period to trigger an alert, in milliseconds","description_kind":"plain","required":true},"unknowns":{"type":"string","description":"allows for configuring properties that are not explicitly supported by the current version of this provider","description_kind":"plain","optional":true}},"description":"Fixed thresholds for response time degradation detection","description_kind":"plain"},"max_items":1}},"description":"Configuration of response time degradation detection. Detecting response time degradation will be disabled if this block is omitted.","description_kind":"plain"},"max_items":1}},"description_kind":"plain"}},"dynatrace_service_naming":{"version":0,"block":{"attributes":{"enabled":{"type":"bool","description":"The rule is enabled (`true`) or disabled (`false`)","description_kind":"plain","required":true},"format":{"type":"string","description":"The name to be assigned to matching entities. You can use the following placeholders here:  * `{AwsAutoScalingGroup:Name}`  * `{AwsAvailabilityZone:Name}`  * `{AwsElasticLoadBalancer:Name}`  * `{AwsRelationalDatabaseService:DBName}`  * `{AwsRelationalDatabaseService:Endpoint}`  * `{AwsRelationalDatabaseService:Engine}`  * `{AwsRelationalDatabaseService:InstanceClass}`  * `{AwsRelationalDatabaseService:Name}`  * `{AwsRelationalDatabaseService:Port}`  * `{AzureRegion:Name}`  * `{AzureScaleSet:Name}`  * `{AzureVm:Name}`  * `{CloudFoundryOrganization:Name}`  * `{CustomDevice:DetectedName}`  * `{CustomDevice:DnsName}`  * `{CustomDevice:IpAddress}`  * `{CustomDevice:Port}`  * `{DockerContainerGroupInstance:ContainerName}`  * `{DockerContainerGroupInstance:FullImageName}`  * `{DockerContainerGroupInstance:ImageVersion}`  * `{DockerContainerGroupInstance:StrippedImageName}`  * `{ESXIHost:HardwareModel}`  * `{ESXIHost:HardwareVendor}`  * `{ESXIHost:Name}`  * `{ESXIHost:ProductName}`  * `{ESXIHost:ProductVersion}`  * `{Ec2Instance:AmiId}`  * `{Ec2Instance:BeanstalkEnvironmentName}`  * `{Ec2Instance:InstanceId}`  * `{Ec2Instance:InstanceType}`  * `{Ec2Instance:LocalHostName}`  * `{Ec2Instance:Name}`  * `{Ec2Instance:PublicHostName}`  * `{Ec2Instance:SecurityGroup}`  * `{GoogleComputeInstance:Id}`  * `{GoogleComputeInstance:IpAddresses}`  * `{GoogleComputeInstance:MachineType}`  * `{GoogleComputeInstance:Name}`  * `{GoogleComputeInstance:ProjectId}`  * `{GoogleComputeInstance:Project}`  * `{Host:AWSNameTag}`  * `{Host:AixLogicalCpuCount}`  * `{Host:AzureHostName}`  * `{Host:AzureSiteName}`  * `{Host:BoshDeploymentId}`  * `{Host:BoshInstanceId}`  * `{Host:BoshInstanceName}`  * `{Host:BoshName}`  * `{Host:BoshStemcellVersion}`  * `{Host:CpuCores}`  * `{Host:DetectedName}`  * `{Host:Environment:AppName}`  * `{Host:Environment:BoshReleaseVersion}`  * `{Host:Environment:Environment}`  * `{Host:Environment:Link}`  * `{Host:Environment:Organization}`  * `{Host:Environment:Owner}`  * `{Host:Environment:Support}`  * `{Host:IpAddress}`  * `{Host:LogicalCpuCores}`  * `{Host:OneAgentCustomHostName}`  * `{Host:OperatingSystemVersion}`  * `{Host:PaasMemoryLimit}`  * `{HostGroup:Name}`  * `{KubernetesCluster:Name}`  * `{KubernetesNode:DetectedName}`  * `{OpenstackAvailabilityZone:Name}`  * `{OpenstackZone:Name}`  * `{OpenstackComputeNode:Name}`  * `{OpenstackProject:Name}`  * `{OpenstackVm:InstanceType}`  * `{OpenstackVm:Name}`  * `{OpenstackVm:SecurityGroup}`  * `{ProcessGroup:AmazonECRImageAccountId}`  * `{ProcessGroup:AmazonECRImageRegion}`  * `{ProcessGroup:AmazonECSCluster}`  * `{ProcessGroup:AmazonECSContainerName}`  * `{ProcessGroup:AmazonECSFamily}`  * `{ProcessGroup:AmazonECSRevision}`  * `{ProcessGroup:AmazonLambdaFunctionName}`  * `{ProcessGroup:AmazonRegion}`  * `{ProcessGroup:ApacheConfigPath}`  * `{ProcessGroup:ApacheSparkMasterIpAddress}`  * `{ProcessGroup:AspDotNetCoreApplicationPath}`  * `{ProcessGroup:AspDotNetCoreApplicationPath}`  * `{ProcessGroup:AzureHostName}`  * `{ProcessGroup:AzureSiteName}`  * `{ProcessGroup:CassandraClusterName}`  * `{ProcessGroup:CatalinaBase}`  * `{ProcessGroup:CatalinaHome}`  * `{ProcessGroup:CloudFoundryAppId}`  * `{ProcessGroup:CloudFoundryAppName}`  * `{ProcessGroup:CloudFoundryInstanceIndex}`  * `{ProcessGroup:CloudFoundrySpaceId}`  * `{ProcessGroup:CloudFoundrySpaceName}`  * `{ProcessGroup:ColdFusionJvmConfigFile}`  * `{ProcessGroup:ColdFusionServiceName}`  * `{ProcessGroup:CommandLineArgs}`  * `{ProcessGroup:DetectedName}`  * `{ProcessGroup:DotNetCommandPath}`  * `{ProcessGroup:DotNetCommand}`  * `{ProcessGroup:DotNetClusterId}`  * `{ProcessGroup:DotNetNodeId}`  * `{ProcessGroup:ElasticsearchClusterName}`  * `{ProcessGroup:ElasticsearchNodeName}`  * `{ProcessGroup:EquinoxConfigPath}`  * `{ProcessGroup:ExeName}`  * `{ProcessGroup:ExePath}`  * `{ProcessGroup:GlassFishDomainName}`  * `{ProcessGroup:GlassFishInstanceName}`  * `{ProcessGroup:GoogleAppEngineInstance}`  * `{ProcessGroup:GoogleAppEngineService}`  * `{ProcessGroup:GoogleCloudProject}`  * `{ProcessGroup:HybrisBinDirectory}`  * `{ProcessGroup:HybrisConfigDirectory}`  * `{ProcessGroup:HybrisConfigDirectory}`  * `{ProcessGroup:HybrisDataDirectory}`  * `{ProcessGroup:IBMCicsRegion}`  * `{ProcessGroup:IBMCtgName}`  * `{ProcessGroup:IBMImsConnectRegion}`  * `{ProcessGroup:IBMImsControlRegion}`  * `{ProcessGroup:IBMImsMessageProcessingRegion}`  * `{ProcessGroup:IBMImsSoapGwName}`  * `{ProcessGroup:IBMIntegrationNodeName}`  * `{ProcessGroup:IBMIntegrationServerName}`  * `{ProcessGroup:IISAppPool}`  * `{ProcessGroup:IISRoleName}`  * `{ProcessGroup:JbossHome}`  * `{ProcessGroup:JbossMode}`  * `{ProcessGroup:JbossServerName}`  * `{ProcessGroup:JavaJarFile}`  * `{ProcessGroup:JavaJarPath}`  * `{ProcessGroup:JavaMainCLass}`  * `{ProcessGroup:KubernetesBasePodName}`  * `{ProcessGroup:KubernetesContainerName}`  * `{ProcessGroup:KubernetesFullPodName}`  * `{ProcessGroup:KubernetesNamespace}`  * `{ProcessGroup:KubernetesPodUid}`  * `{ProcessGroup:MssqlInstanceName}`  * `{ProcessGroup:NodeJsAppBaseDirectory}`  * `{ProcessGroup:NodeJsAppName}`  * `{ProcessGroup:NodeJsScriptName}`  * `{ProcessGroup:OracleSid}`  * `{ProcessGroup:PHPScriptPath}`  * `{ProcessGroup:PHPWorkingDirectory}`  * `{ProcessGroup:Ports}`  * `{ProcessGroup:RubyAppRootPath}`  * `{ProcessGroup:RubyScriptPath}`  * `{ProcessGroup:SoftwareAGInstallRoot}`  * `{ProcessGroup:SoftwareAGProductPropertyName}`  * `{ProcessGroup:SpringBootAppName}`  * `{ProcessGroup:SpringBootProfileName}`  * `{ProcessGroup:SpringBootStartupClass}`  * `{ProcessGroup:TIBCOBusinessWorksAppNodeName}`  * `{ProcessGroup:TIBCOBusinessWorksAppSpaceName}`  * `{ProcessGroup:TIBCOBusinessWorksCeAppName}`  * `{ProcessGroup:TIBCOBusinessWorksCeVersion}`  * `{ProcessGroup:TIBCOBusinessWorksDomainName}`  * `{ProcessGroup:TIBCOBusinessWorksEnginePropertyFilePath}`  * `{ProcessGroup:TIBCOBusinessWorksEnginePropertyFile}`  * `{ProcessGroup:TIBCOBusinessWorksHome}`  * `{ProcessGroup:VarnishInstanceName}`  * `{ProcessGroup:WebLogicClusterName}`  * `{ProcessGroup:WebLogicDomainName}`  * `{ProcessGroup:WebLogicHome}`  * `{ProcessGroup:WebLogicName}`  * `{ProcessGroup:WebSphereCellName}`  * `{ProcessGroup:WebSphereClusterName}`  * `{ProcessGroup:WebSphereNodeName}`  * `{ProcessGroup:WebSphereServerName}`  * `{ProcessGroup:ActorSystem}`  * `{Service:STGServerName}`  * `{Service:DatabaseHostName}`  * `{Service:DatabaseName}`  * `{Service:DatabaseVendor}`  * `{Service:DetectedName}`  * `{Service:EndpointPath}`  * `{Service:EndpointPathGatewayUrl}`  * `{Service:IIBApplicationName}`  * `{Service:MessageListenerClassName}`  * `{Service:Port}`  * `{Service:PublicDomainName}`  * `{Service:RemoteEndpoint}`  * `{Service:RemoteName}`  * `{Service:WebApplicationId}`  * `{Service:WebContextRoot}`  * `{Service:WebServerName}`  * `{Service:WebServiceNamespace}`  * `{Service:WebServiceName}`  * `{VmwareDatacenter:Name}`  * `{VmwareVm:Name}","description_kind":"plain","required":true},"id":{"type":"string","description_kind":"plain","optional":true,"computed":true},"name":{"type":"string","description":"The name of the rule","description_kind":"plain","required":true},"unknowns":{"type":"string","description":"allows for configuring properties that are not explicitly supported by the current version of this provider","description_kind":"plain","optional":true}},"block_types":{"conditions":{"nesting_mode":"list","block":{"block_types":{"condition":{"nesting_mode":"list","block":{"attributes":{"unknowns":{"type":"string","description":"Any attributes that aren't yet supported by this provider","description_kind":"plain","optional":true}},"block_types":{"application_type":{"nesting_mode":"list","block":{"attributes":{"negate":{"type":"bool","description":"Reverses the operator. For example it turns the **begins with** into **does not begin with**","description_kind":"plain","optional":true},"operator":{"type":"string","description":"Operator of the comparison. You can reverse it by setting **negate** to `true`","description_kind":"plain","required":true},"unknowns":{"type":"string","description":"Any attributes that aren't yet supported by this provider","description_kind":"plain","optional":true},"value":{"type":"string","description":"The value to compare to","description_kind":"plain","optional":true}},"description":"Comparison for `APPLICATION_TYPE` attributes","description_kind":"plain"}},"application_type_comparison":{"nesting_mode":"list","block":{"attributes":{"negate":{"type":"bool","description":"Reverses the operator. For example it turns the **begins with** into **does not begin with**","description_kind":"plain","optional":true},"operator":{"type":"string","description":"Operator of the comparison. You can reverse it by setting **negate** to `true`","description_kind":"plain","required":true},"type":{"type":"string","description":"if specified, needs to be APPLICATION_TYPE","description_kind":"plain","deprecated":true,"optional":true},"unknowns":{"type":"string","description":"Any attributes that aren't yet supported by this provider","description_kind":"plain","optional":true},"value":{"type":"string","description":"The value to compare to","description_kind":"plain","optional":true}},"description":"Comparison for `APPLICATION_TYPE` attributes","description_kind":"plain","deprecated":true}},"azure_compute_mode":{"nesting_mode":"list","block":{"attributes":{"negate":{"type":"bool","description":"Reverses the operator. For example it turns EQUALS into DOES NOT EQUAL","description_kind":"plain","optional":true},"operator":{"type":"string","description":"Either EQUALS or EXISTS. You can reverse it by setting **negate** to `true`","description_kind":"plain","required":true},"unknowns":{"type":"string","description":"Any attributes that aren't yet supported by this provider","description_kind":"plain","optional":true},"value":{"type":"string","description":"The value to compare to. Possible values are DEDICATED or SHARED.","description_kind":"plain","optional":true}},"description":"Comparison for `AZURE_COMPUTE_MODE` attributes","description_kind":"plain","deprecated":true}},"azure_compute_mode_comparison":{"nesting_mode":"list","block":{"attributes":{"negate":{"type":"bool","description":"Reverses the operator. For example it turns EQUALS into DOES NOT EQUAL","description_kind":"plain","optional":true},"operator":{"type":"string","description":"Either EQUALS or EXISTS. You can reverse it by setting **negate** to `true`","description_kind":"plain","required":true},"unknowns":{"type":"string","description":"Any attributes that aren't yet supported by this provider","description_kind":"plain","optional":true},"value":{"type":"string","description":"The value to compare to. Possible values are DEDICATED or SHARED.","description_kind":"plain","optional":true}},"description":"Comparison for `AZURE_COMPUTE_MODE` attributes","description_kind":"plain"}},"azure_sku":{"nesting_mode":"list","block":{"attributes":{"negate":{"type":"bool","description":"Reverses the operator. For example it turns EQUALS into DOES NOT EQUAL","description_kind":"plain","optional":true},"operator":{"type":"string","description":"Either EQUALS or EXISTS. You can reverse it by setting **negate** to `true`","description_kind":"plain","required":true},"unknowns":{"type":"string","description":"Any attributes that aren't yet supported by this provider","description_kind":"plain","optional":true},"value":{"type":"string","description":"The value to compare to. Possible values are BASIC, DYNAMIC, FREE, PREMIUM, SHARED and STANDARD.","description_kind":"plain","optional":true}},"description":"Comparison for `AZURE_SKU` attributes","description_kind":"plain"}},"azure_sku_comparision":{"nesting_mode":"list","block":{"attributes":{"negate":{"type":"bool","description":"Reverses the operator. For example it turns EQUALS into DOES NOT EQUAL","description_kind":"plain","optional":true},"operator":{"type":"string","description":"Either EQUALS or EXISTS. You can reverse it by setting **negate** to `true`","description_kind":"plain","required":true},"type":{"type":"string","description":"if specified, needs to be AZURE_SKU","description_kind":"plain","deprecated":true,"optional":true},"unknowns":{"type":"string","description":"Any attributes that aren't yet supported by this provider","description_kind":"plain","optional":true},"value":{"type":"string","description":"The value to compare to. Possible values are BASIC, DYNAMIC, FREE, PREMIUM, SHARED and STANDARD.","description_kind":"plain","optional":true}},"description":"Comparison for `AZURE_SKU` attributes","description_kind":"plain","deprecated":true}},"base_comparison_basic":{"nesting_mode":"list","block":{"attributes":{"negate":{"type":"bool","description":"Reverses the operator. For example it turns EQUALS into DOES NOT EQUAL","description_kind":"plain","optional":true},"type":{"type":"string","description":"The type of comparison","description_kind":"plain","required":true},"unknowns":{"type":"string","description":"Any attributes that aren't yet supported by this provider but have meanwhile gotten introduced by a newer version of the Dynatrace REST API","description_kind":"plain","optional":true}},"description":"A comparison that's yet unknown to the provider. Operator and Value need to be encoded using the 'unknowns' property.","description_kind":"plain","deprecated":true}},"base_condition_key":{"nesting_mode":"list","block":{"attributes":{"attribute":{"type":"string","description":"The attribute to be used for comparision","description_kind":"plain","required":true},"type":{"type":"string","description":"Defines the actual set of fields depending on the value","description_kind":"plain","optional":true},"unknowns":{"type":"string","description":"Any attributes that aren't yet supported by this provider but have meanwhile gotten introduced by a newer version of the Dynatrace REST API","description_kind":"plain","optional":true}},"description":"Fallback for not yet known type","description_kind":"plain","deprecated":true}},"bitness":{"nesting_mode":"list","block":{"attributes":{"negate":{"type":"bool","description":"Reverses the operator. For example it turns EQUALS into DOES NOT EQUAL","description_kind":"plain","optional":true},"operator":{"type":"string","description":"Either EQUALS or EXISTS. You can reverse it by setting **negate** to `true`","description_kind":"plain","required":true},"unknowns":{"type":"string","description":"Any attributes that aren't yet supported by this provider but have meanwhile gotten introduced by a newer version of the Dynatrace REST API","description_kind":"plain","optional":true},"value":{"type":"string","description":"The value to compare to. Possible values are 32 and 64.","description_kind":"plain","optional":true}},"description":"Comparison for `BITNESS` attributes","description_kind":"plain"}},"bitness_comparision":{"nesting_mode":"list","block":{"attributes":{"negate":{"type":"bool","description":"Reverses the operator. For example it turns EQUALS into DOES NOT EQUAL","description_kind":"plain","optional":true},"operator":{"type":"string","description":"Either EQUALS or EXISTS. You can reverse it by setting **negate** to `true`","description_kind":"plain","required":true},"type":{"type":"string","description":"if specified, needs to be BITNESS","description_kind":"plain","deprecated":true,"optional":true},"unknowns":{"type":"string","description":"Any attributes that aren't yet supported by this provider but have meanwhile gotten introduced by a newer version of the Dynatrace REST API","description_kind":"plain","optional":true},"value":{"type":"string","description":"The value to compare to. Possible values are 32 and 64.","description_kind":"plain","optional":true}},"description":"Comparison for `BITNESS` attributes","description_kind":"plain","deprecated":true}},"cloud_type":{"nesting_mode":"list","block":{"attributes":{"negate":{"type":"bool","description":"Reverses the operator. For example it turns EQUALS into DOES NOT EQUAL","description_kind":"plain","optional":true},"operator":{"type":"string","description":"Either EQUALS or EXISTS. You can reverse it by setting **negate** to `true`","description_kind":"plain","required":true},"unknowns":{"type":"string","description":"Any attributes that aren't yet supported by this provider but have meanwhile gotten introduced by a newer version of the Dynatrace REST API","description_kind":"plain","optional":true},"value":{"type":"string","description":"The value to compare to. Possible values are AZURE, EC2, GOOGLE_CLOUD_PLATFORM, OPENSTACK, ORACLE and UNRECOGNIZED.","description_kind":"plain","optional":true}},"description":"Comparison for `CLOUD_TYPE` attributes","description_kind":"plain"}},"cloud_type_comparison":{"nesting_mode":"list","block":{"attributes":{"negate":{"type":"bool","description":"Reverses the operator. For example it turns EQUALS into DOES NOT EQUAL","description_kind":"plain","optional":true},"operator":{"type":"string","description":"Either EQUALS or EXISTS. You can reverse it by setting **negate** to `true`","description_kind":"plain","required":true},"type":{"type":"string","description":"if specified, needs to be CLOUD_TYPE","description_kind":"plain","deprecated":true,"optional":true},"unknowns":{"type":"string","description":"Any attributes that aren't yet supported by this provider but have meanwhile gotten introduced by a newer version of the Dynatrace REST API","description_kind":"plain","optional":true},"value":{"type":"string","description":"The value to compare to. Possible values are AZURE, EC2, GOOGLE_CLOUD_PLATFORM, OPENSTACK, ORACLE and UNRECOGNIZED.","description_kind":"plain","optional":true}},"description":"Comparison for `CLOUD_TYPE` attributes","description_kind":"plain","deprecated":true}},"comparison":{"nesting_mode":"list","block":{"attributes":{"negate":{"type":"bool","description":"Reverses the operator. For example it turns EQUALS into DOES NOT EQUAL","description_kind":"plain","optional":true},"type":{"type":"string","description":"The type of comparison","description_kind":"plain","required":true},"unknowns":{"type":"string","description":"Any attributes that aren't yet supported by this provider but have meanwhile gotten introduced by a newer version of the Dynatrace REST API","description_kind":"plain","optional":true}},"description":"A comparison that's yet unknown to the provider. Operator and Value need to be encoded using the 'unknowns' property.","description_kind":"plain"}},"custom_application_type":{"nesting_mode":"list","block":{"attributes":{"negate":{"type":"bool","description":"Reverses the operator. For example it turns EQUALS into DOES NOT EQUAL","description_kind":"plain","optional":true},"operator":{"type":"string","description":"Either EQUALS or EXISTS. You can reverse it by setting **negate** to `true`","description_kind":"plain","required":true},"unknowns":{"type":"string","description":"Any attributes that aren't yet supported by this provider but have meanwhile gotten introduced by a newer version of the Dynatrace REST API","description_kind":"plain","optional":true},"value":{"type":"string","description":"The value to compare to. Possible values are AMAZON_ECHO, DESKTOP, EMBEDDED, IOT, MICROSOFT_HOLOLENS and UFO.","description_kind":"plain","optional":true}},"description":"Comparison for `CUSTOM_APPLICATION_TYPE` attributes","description_kind":"plain"}},"custom_application_type_comparison":{"nesting_mode":"list","block":{"attributes":{"negate":{"type":"bool","description":"Reverses the operator. For example it turns EQUALS into DOES NOT EQUAL","description_kind":"plain","optional":true},"operator":{"type":"string","description":"Either EQUALS or EXISTS. You can reverse it by setting **negate** to `true`","description_kind":"plain","required":true},"type":{"type":"string","description":"if specified, needs to be CUSTOM_APPLICATION_TYPE","description_kind":"plain","deprecated":true,"optional":true},"unknowns":{"type":"string","description":"Any attributes that aren't yet supported by this provider but have meanwhile gotten introduced by a newer version of the Dynatrace REST API","description_kind":"plain","optional":true},"value":{"type":"string","description":"The value to compare to. Possible values are AMAZON_ECHO, DESKTOP, EMBEDDED, IOT, MICROSOFT_HOLOLENS and UFO.","description_kind":"plain","optional":true}},"description":"Comparison for `CUSTOM_APPLICATION_TYPE` attributes","description_kind":"plain","deprecated":true}},"custom_host_metadata":{"nesting_mode":"list","block":{"attributes":{"attribute":{"type":"string","description":"The attribute to be used for comparision","description_kind":"plain","required":true},"unknowns":{"type":"string","description":"Any attributes that aren't yet supported by this provider but have meanwhile gotten introduced by a newer version of the Dynatrace REST API","description_kind":"plain","optional":true}},"block_types":{"dynamic_key":{"nesting_mode":"list","block":{"attributes":{"key":{"type":"string","description":"The actual key of the custom metadata","description_kind":"plain","required":true},"source":{"type":"string","description":"The source of the custom metadata. Possible values are ENVIRONMENT, GOOGLE_COMPUTE_ENGINE and PLUGIN","description_kind":"plain","required":true},"unknowns":{"type":"string","description":"Any attributes that aren't yet supported by this provider but have meanwhile gotten introduced by a newer version of the Dynatrace REST API","description_kind":"plain","optional":true}},"description":"The key of the attribute, which need dynamic keys. Not applicable otherwise, as the attibute itself acts as a key","description_kind":"plain"},"min_items":1,"max_items":1}},"description":"Key for Custom Host Metadata","description_kind":"plain"}},"custom_host_metadata_condition_key":{"nesting_mode":"list","block":{"attributes":{"attribute":{"type":"string","description":"The attribute to be used for comparision","description_kind":"plain","required":true},"type":{"type":"string","description":"if specified, needs to be HOST_CUSTOM_METADATA_KEY","description_kind":"plain","deprecated":true,"optional":true},"unknowns":{"type":"string","description":"Any attributes that aren't yet supported by this provider but have meanwhile gotten introduced by a newer version of the Dynatrace REST API","description_kind":"plain","optional":true}},"block_types":{"dynamic_key":{"nesting_mode":"list","block":{"attributes":{"key":{"type":"string","description":"The actual key of the custom metadata","description_kind":"plain","required":true},"source":{"type":"string","description":"The source of the custom metadata. Possible values are ENVIRONMENT, GOOGLE_COMPUTE_ENGINE and PLUGIN","description_kind":"plain","required":true},"unknowns":{"type":"string","description":"Any attributes that aren't yet supported by this provider but have meanwhile gotten introduced by a newer version of the Dynatrace REST API","description_kind":"plain","optional":true}},"description":"The key of the attribute, which need dynamic keys. Not applicable otherwise, as the attibute itself acts as a key","description_kind":"plain"},"min_items":1,"max_items":1}},"description":"Key for Custom Host Metadata","description_kind":"plain","deprecated":true}},"custom_process_metadata":{"nesting_mode":"list","block":{"attributes":{"attribute":{"type":"string","description":"The attribute to be used for comparision","description_kind":"plain","required":true},"unknowns":{"type":"string","description":"Any attributes that aren't yet supported by this provider but have meanwhile gotten introduced by a newer version of the Dynatrace REST API","description_kind":"plain","optional":true}},"block_types":{"dynamic_key":{"nesting_mode":"list","block":{"attributes":{"key":{"type":"string","description":" The actual key of the custom metadata","description_kind":"plain","required":true},"source":{"type":"string","description":"The source of the custom metadata. Possible values are CLOUD_FOUNDRY, ENVIRONMENT, GOOGLE_CLOUD, KUBERNETES and PLUGIN","description_kind":"plain","required":true},"unknowns":{"type":"string","description":"Any attributes that aren't yet supported by this provider but have meanwhile gotten introduced by a newer version of the Dynatrace REST API","description_kind":"plain","optional":true}},"description":"The key of the attribute, which need dynamic keys. Not applicable otherwise, as the attibute itself acts as a key","description_kind":"plain"},"min_items":1,"max_items":1}},"description":"Key for Custom Process Metadata","description_kind":"plain"}},"custom_process_metadata_condition_key":{"nesting_mode":"list","block":{"attributes":{"attribute":{"type":"string","description":"The attribute to be used for comparision","description_kind":"plain","required":true},"type":{"type":"string","description":"if specified, needs to be PROCESS_CUSTOM_METADATA_KEY","description_kind":"plain","deprecated":true,"optional":true},"unknowns":{"type":"string","description":"Any attributes that aren't yet supported by this provider but have meanwhile gotten introduced by a newer version of the Dynatrace REST API","description_kind":"plain","optional":true}},"block_types":{"dynamic_key":{"nesting_mode":"list","block":{"attributes":{"key":{"type":"string","description":" The actual key of the custom metadata","description_kind":"plain","required":true},"source":{"type":"string","description":"The source of the custom metadata. Possible values are CLOUD_FOUNDRY, ENVIRONMENT, GOOGLE_CLOUD, KUBERNETES and PLUGIN","description_kind":"plain","required":true},"unknowns":{"type":"string","description":"Any attributes that aren't yet supported by this provider but have meanwhile gotten introduced by a newer version of the Dynatrace REST API","description_kind":"plain","optional":true}},"description":"The key of the attribute, which need dynamic keys. Not applicable otherwise, as the attibute itself acts as a key","description_kind":"plain"},"min_items":1,"max_items":1}},"description":"Key for Custom Process Metadata","description_kind":"plain","deprecated":true}},"database_topology":{"nesting_mode":"list","block":{"attributes":{"negate":{"type":"bool","description":"Reverses the operator. For example it turns EQUALS into DOES NOT EQUAL","description_kind":"plain","optional":true},"operator":{"type":"string","description":"Either EQUALS or EXISTS. You can reverse it by setting **negate** to `true`","description_kind":"plain","required":true},"unknowns":{"type":"string","description":"Any attributes that aren't yet supported by this provider but have meanwhile gotten introduced by a newer version of the Dynatrace REST API","description_kind":"plain","optional":true},"value":{"type":"string","description":"The value to compare to. Possible values are CLUSTER, EMBEDDED, FAILOVER, IPC, LOAD_BALANCING, SINGLE_SERVER and UNSPECIFIED.","description_kind":"plain","optional":true}},"description":"Comparison for `DATABASE_TOPOLOGY` attributes","description_kind":"plain"}},"database_topology_comparison":{"nesting_mode":"list","block":{"attributes":{"negate":{"type":"bool","description":"Reverses the operator. For example it turns EQUALS into DOES NOT EQUAL","description_kind":"plain","optional":true},"operator":{"type":"string","description":"Either EQUALS or EXISTS. You can reverse it by setting **negate** to `true`","description_kind":"plain","required":true},"type":{"type":"string","description":"if specified, needs to be DATABASE_TOPOLOGY","description_kind":"plain","deprecated":true,"optional":true},"unknowns":{"type":"string","description":"Any attributes that aren't yet supported by this provider but have meanwhile gotten introduced by a newer version of the Dynatrace REST API","description_kind":"plain","optional":true},"value":{"type":"string","description":"The value to compare to. Possible values are CLUSTER, EMBEDDED, FAILOVER, IPC, LOAD_BALANCING, SINGLE_SERVER and UNSPECIFIED.","description_kind":"plain","optional":true}},"description":"Comparison for `DATABASE_TOPOLOGY` attributes","description_kind":"plain","deprecated":true}},"dcrum_decoder":{"nesting_mode":"list","block":{"attributes":{"negate":{"type":"bool","description":"Reverses the operator. For example it turns EQUALS into DOES NOT EQUAL","description_kind":"plain","optional":true},"operator":{"type":"string","description":"Either EQUALS or EXISTS. You can reverse it by setting **negate** to `true`","description_kind":"plain","required":true},"unknowns":{"type":"string","description":"Any attributes that aren't yet supported by this provider but have meanwhile gotten introduced by a newer version of the Dynatrace REST API","description_kind":"plain","optional":true},"value":{"type":"string","description":"The value to compare to. Possible values are ALL_OTHER, CITRIX_APPFLOW, CITRIX_ICA, CITRIX_ICA_OVER_SSL, DB2_DRDA, HTTP, HTTPS, HTTP_EXPRESS, INFORMIX, MYSQL, ORACLE, SAP_GUI, SAP_GUI_OVER_HTTP, SAP_GUI_OVER_HTTPS, SAP_HANA_DB, SAP_RFC, SSL and TDS.","description_kind":"plain","optional":true}},"description":"Comparison for `DCRUM_DECODER_TYPE` attributes","description_kind":"plain"}},"dcrum_decoder_comparison":{"nesting_mode":"list","block":{"attributes":{"negate":{"type":"bool","description":"Reverses the operator. For example it turns EQUALS into DOES NOT EQUAL","description_kind":"plain","optional":true},"operator":{"type":"string","description":"Either EQUALS or EXISTS. You can reverse it by setting **negate** to `true`","description_kind":"plain","required":true},"type":{"type":"string","description":"if specified, needs to be DCRUM_DECODER_TYPE","description_kind":"plain","deprecated":true,"optional":true},"unknowns":{"type":"string","description":"Any attributes that aren't yet supported by this provider but have meanwhile gotten introduced by a newer version of the Dynatrace REST API","description_kind":"plain","optional":true},"value":{"type":"string","description":"The value to compare to. Possible values are ALL_OTHER, CITRIX_APPFLOW, CITRIX_ICA, CITRIX_ICA_OVER_SSL, DB2_DRDA, HTTP, HTTPS, HTTP_EXPRESS, INFORMIX, MYSQL, ORACLE, SAP_GUI, SAP_GUI_OVER_HTTP, SAP_GUI_OVER_HTTPS, SAP_HANA_DB, SAP_RFC, SSL and TDS.","description_kind":"plain","optional":true}},"description":"Comparison for `DCRUM_DECODER_TYPE` attributes","description_kind":"plain","deprecated":true}},"entity":{"nesting_mode":"list","block":{"attributes":{"negate":{"type":"bool","description":"Reverses the operator. For example it turns EQUALS into DOES NOT EQUAL","description_kind":"plain","optional":true},"operator":{"type":"string","description":"Currently only EQUALS is supported. You can reverse it by setting **negate** to `true`","description_kind":"plain","required":true},"unknowns":{"type":"string","description":"Any attributes that aren't yet supported by this provider but have meanwhile gotten introduced by a newer version of the Dynatrace REST API","description_kind":"plain","optional":true},"value":{"type":"string","description":"The value to compare to","description_kind":"plain","optional":true}},"description":"Comparison for `ENTITY_ID` attributes","description_kind":"plain"}},"entity_id_comparison":{"nesting_mode":"list","block":{"attributes":{"negate":{"type":"bool","description":"Reverses the operator. For example it turns EQUALS into DOES NOT EQUAL","description_kind":"plain","optional":true},"operator":{"type":"string","description":"Currently only EQUALS is supported. You can reverse it by setting **negate** to `true`","description_kind":"plain","required":true},"type":{"type":"string","description":"if specified, needs to be ENTITY_ID","description_kind":"plain","deprecated":true,"optional":true},"unknowns":{"type":"string","description":"Any attributes that aren't yet supported by this provider but have meanwhile gotten introduced by a newer version of the Dynatrace REST API","description_kind":"plain","optional":true},"value":{"type":"string","description":"The value to compare to","description_kind":"plain","optional":true}},"description":"Comparison for `ENTITY_ID` attributes","description_kind":"plain","deprecated":true}},"host_tech":{"nesting_mode":"list","block":{"attributes":{"negate":{"type":"bool","description":"Reverses the operator. For example it turns the **begins with** into **does not begin with**","description_kind":"plain","optional":true},"operator":{"type":"string","description":"Operator of the comparison. Possible values are EQUALS and EXISTS. You can reverse it by setting **negate** to `true`","description_kind":"plain","required":true},"unknowns":{"type":"string","description":"Any attributes that aren't yet supported by this provider","description_kind":"plain","optional":true}},"block_types":{"value":{"nesting_mode":"list","block":{"attributes":{"type":{"type":"string","description":"Predefined technology, if technology is not predefined, then the verbatim type must be set. Possible values are APPARMOR, BOSH, BOSHBPM, CLOUDFOUNDRY, CONTAINERD, CRIO, DIEGO_CELL, DOCKER, GARDEN, GRSECURITY, KUBERNETES, OPENSHIFT, OPENSTACK_COMPUTE, OPENSTACK_CONTROLLER and SELINUX","description_kind":"plain","optional":true},"unknowns":{"type":"string","description":"Any attributes that aren't yet supported by this provider","description_kind":"plain","optional":true},"verbatim_type":{"type":"string","description":"Non-predefined technology, use for custom technologies","description_kind":"plain","optional":true}},"description":"The value to compare to","description_kind":"plain"},"max_items":1}},"description":"Comparison for `SIMPLE_HOST_TECH` attributes","description_kind":"plain"}},"hypervisor":{"nesting_mode":"list","block":{"attributes":{"negate":{"type":"bool","description":"Reverses the operator. For example it turns EQUALS into DOES NOT EQUAL","description_kind":"plain","optional":true},"operator":{"type":"string","description":"Either EQUALS or EXISTS. You can reverse it by setting **negate** to `true`","description_kind":"plain","required":true},"unknowns":{"type":"string","description":"Any attributes that aren't yet supported by this provider but have meanwhile gotten introduced by a newer version of the Dynatrace REST API","description_kind":"plain","optional":true},"value":{"type":"string","description":"The value to compare to. Possible values are AHV, HYPER_V, KVM, LPAR, QEMU, VIRTUAL_BOX, VMWARE, WPAR and XEN.","description_kind":"plain","optional":true}},"description":"Comparison for `HYPERVISOR_TYPE` attributes","description_kind":"plain"}},"hypervisor_type_comparision":{"nesting_mode":"list","block":{"attributes":{"negate":{"type":"bool","description":"Reverses the operator. For example it turns EQUALS into DOES NOT EQUAL","description_kind":"plain","optional":true},"operator":{"type":"string","description":"Either EQUALS or EXISTS. You can reverse it by setting **negate** to `true`","description_kind":"plain","required":true},"type":{"type":"string","description":"if specified, needs to be HYPERVISOR_TYPE","description_kind":"plain","deprecated":true,"optional":true},"unknowns":{"type":"string","description":"Any attributes that aren't yet supported by this provider but have meanwhile gotten introduced by a newer version of the Dynatrace REST API","description_kind":"plain","optional":true},"value":{"type":"string","description":"The value to compare to. Possible values are AHV, HYPER_V, KVM, LPAR, QEMU, VIRTUAL_BOX, VMWARE, WPAR and XEN.","description_kind":"plain","optional":true}},"description":"`hypervisor_type_comparision` is deprecated. Use `hypervisor` instead","description_kind":"plain","deprecated":true}},"indexed_name":{"nesting_mode":"list","block":{"attributes":{"negate":{"type":"bool","description":"Reverses the operator. For example it turns EQUALS into DOES NOT EQUAL","description_kind":"plain","optional":true},"operator":{"type":"string","description":"Either EQUALS, CONTAINS or EXISTS. You can reverse it by setting **negate** to `true`","description_kind":"plain","required":true},"unknowns":{"type":"string","description":"Any attributes that aren't yet supported by this provider but have meanwhile gotten introduced by a newer version of the Dynatrace REST API","description_kind":"plain","optional":true},"value":{"type":"string","description":"The value to compare to","description_kind":"plain","optional":true}},"description":"Comparison for `INDEXED_NAME` attributes","description_kind":"plain"}},"indexed_name_comparison":{"nesting_mode":"list","block":{"attributes":{"negate":{"type":"bool","description":"Reverses the operator. For example it turns EQUALS into DOES NOT EQUAL","description_kind":"plain","optional":true},"operator":{"type":"string","description":"Either EQUALS, CONTAINS or EXISTS. You can reverse it by setting **negate** to `true`","description_kind":"plain","required":true},"type":{"type":"string","description":"if specified, needs to be INDEXED_NAME","description_kind":"plain","deprecated":true,"optional":true},"unknowns":{"type":"string","description":"Any attributes that aren't yet supported by this provider but have meanwhile gotten introduced by a newer version of the Dynatrace REST API","description_kind":"plain","optional":true},"value":{"type":"string","description":"The value to compare to","description_kind":"plain","optional":true}},"description":"Comparison for `INDEXED_NAME` attributes","description_kind":"plain","deprecated":true}},"indexed_string":{"nesting_mode":"list","block":{"attributes":{"negate":{"type":"bool","description":"Reverses the operator. For example it turns EQUALS into DOES NOT EQUAL","description_kind":"plain","optional":true},"operator":{"type":"string","description":"Either EQUALS or EXISTS. You can reverse it by setting **negate** to `true`","description_kind":"plain","required":true},"unknowns":{"type":"string","description":"Any attributes that aren't yet supported by this provider but have meanwhile gotten introduced by a newer version of the Dynatrace REST API","description_kind":"plain","optional":true},"value":{"type":"string","description":"The value to compare to","description_kind":"plain","optional":true}},"description":"Comparison for `INDEXED_STRING` attributes","description_kind":"plain"}},"indexed_string_comparison":{"nesting_mode":"list","block":{"attributes":{"negate":{"type":"bool","description":"Reverses the operator. For example it turns EQUALS into DOES NOT EQUAL","description_kind":"plain","optional":true},"operator":{"type":"string","description":"Either EQUALS or EXISTS. You can reverse it by setting **negate** to `true`","description_kind":"plain","required":true},"type":{"type":"string","description":"if specified, needs to be INDEXED_STRING","description_kind":"plain","deprecated":true,"optional":true},"unknowns":{"type":"string","description":"Any attributes that aren't yet supported by this provider but have meanwhile gotten introduced by a newer version of the Dynatrace REST API","description_kind":"plain","optional":true},"value":{"type":"string","description":"The value to compare to","description_kind":"plain","optional":true}},"description":"Comparison for `INDEXED_STRING` attributes","description_kind":"plain","deprecated":true}},"indexed_tag":{"nesting_mode":"list","block":{"attributes":{"negate":{"type":"bool","description":"Reverses the operator. For example it turns EQUALS into DOES NOT EQUAL","description_kind":"plain","optional":true},"operator":{"type":"string","description":"Either EQUALS or EXISTS. You can reverse it by setting **negate** to `true`","description_kind":"plain","required":true},"unknowns":{"type":"string","description":"Any attributes that aren't yet supported by this provider but have meanwhile gotten introduced by a newer version of the Dynatrace REST API","description_kind":"plain","optional":true}},"block_types":{"value":{"nesting_mode":"list","block":{"attributes":{"context":{"type":"string","description":"The origin of the tag, such as AWS or Cloud Foundry. Possible values are AWS, AWS_GENERIC, AZURE, CLOUD_FOUNDRY, CONTEXTLESS, ENVIRONMENT, GOOGLE_CLOUD and KUBERNETES. Custom tags use the `CONTEXTLESS` value","description_kind":"plain","required":true},"key":{"type":"string","description":"The key of the tag. Custom tags have the tag value here","description_kind":"plain","required":true},"unknowns":{"type":"string","description":"Any attributes that aren't yet supported by this provider but have meanwhile gotten introduced by a newer version of the Dynatrace REST API","description_kind":"plain","optional":true},"value":{"type":"string","description":"The value of the tag. Not applicable to custom tags","description_kind":"plain","optional":true}},"description":"Tag of a Dynatrace entity","description_kind":"plain"},"max_items":1}},"description":"Comparison for `INDEXED_TAG` attributes","description_kind":"plain"}},"indexed_tag_comparison":{"nesting_mode":"list","block":{"attributes":{"negate":{"type":"bool","description":"Reverses the operator. For example it turns EQUALS into DOES NOT EQUAL","description_kind":"plain","optional":true},"operator":{"type":"string","description":"Either EQUALS or EXISTS. You can reverse it by setting **negate** to `true`","description_kind":"plain","required":true},"type":{"type":"string","description":"if specified, needs to be INDEXED_TAG","description_kind":"plain","deprecated":true,"optional":true},"unknowns":{"type":"string","description":"Any attributes that aren't yet supported by this provider but have meanwhile gotten introduced by a newer version of the Dynatrace REST API","description_kind":"plain","optional":true}},"block_types":{"value":{"nesting_mode":"list","block":{"attributes":{"context":{"type":"string","description":"The origin of the tag, such as AWS or Cloud Foundry. Possible values are AWS, AWS_GENERIC, AZURE, CLOUD_FOUNDRY, CONTEXTLESS, ENVIRONMENT, GOOGLE_CLOUD and KUBERNETES. Custom tags use the `CONTEXTLESS` value","description_kind":"plain","required":true},"key":{"type":"string","description":"The key of the tag. Custom tags have the tag value here","description_kind":"plain","required":true},"unknowns":{"type":"string","description":"Any attributes that aren't yet supported by this provider but have meanwhile gotten introduced by a newer version of the Dynatrace REST API","description_kind":"plain","optional":true},"value":{"type":"string","description":"The value of the tag. Not applicable to custom tags","description_kind":"plain","optional":true}},"description":"Tag of a Dynatrace entity","description_kind":"plain"},"max_items":1}},"description":"Comparison for `INDEXED_TAG` attributes","description_kind":"plain","deprecated":true}},"integer":{"nesting_mode":"list","block":{"attributes":{"negate":{"type":"bool","description":"Reverses the operator. For example it turns the **begins with** into **does not begin with**","description_kind":"plain","optional":true},"operator":{"type":"string","description":"Operator of the comparison. Possible values are EQUALS, EXISTS, GREATER_THAN, GREATER_THAN_OR_EQUAL, LOWER_THAN and LOWER_THAN_OR_EQUAL. You can reverse it by setting **negate** to `true`","description_kind":"plain","required":true},"unknowns":{"type":"string","description":"Any attributes that aren't yet supported by this provider","description_kind":"plain","optional":true},"value":{"type":"number","description":"The value to compare to","description_kind":"plain","optional":true}},"description":"Comparison for `INTEGER` attributes","description_kind":"plain"}},"integer_comparison":{"nesting_mode":"list","block":{"attributes":{"negate":{"type":"bool","description":"Reverses the operator. For example it turns the **begins with** into **does not begin with**","description_kind":"plain","optional":true},"operator":{"type":"string","description":"Operator of the comparison. Possible values are EQUALS, EXISTS, GREATER_THAN, GREATER_THAN_OR_EQUAL, LOWER_THAN and LOWER_THAN_OR_EQUAL. You can reverse it by setting **negate** to `true`","description_kind":"plain","required":true},"type":{"type":"string","description":"if specified, needs to be INTEGER","description_kind":"plain","deprecated":true,"optional":true},"unknowns":{"type":"string","description":"Any attributes that aren't yet supported by this provider","description_kind":"plain","optional":true},"value":{"type":"number","description":"The value to compare to","description_kind":"plain","optional":true}},"description":"Comparison for `INTEGER` attributes","description_kind":"plain","deprecated":true}},"ipaddress":{"nesting_mode":"list","block":{"attributes":{"case_sensitive":{"type":"bool","description":" The comparison is case-sensitive (`true`) or insensitive (`false`)","description_kind":"plain","optional":true},"negate":{"type":"bool","description":"Reverses the operator. For example it turns the **begins with** into **does not begin with**","description_kind":"plain","optional":true},"operator":{"type":"string","description":"Operator of the comparison. Possible values are BEGINS_WITH, CONTAINS, ENDS_WITH, EQUALS, EXISTS, IS_IP_IN_RANGE and REGEX_MATCHES. You can reverse it by setting **negate** to `true`","description_kind":"plain","required":true},"unknowns":{"type":"string","description":"Any attributes that aren't yet supported by this provider","description_kind":"plain","optional":true},"value":{"type":"string","description":"The value to compare to","description_kind":"plain","optional":true}},"description":"Comparison for `IP_ADDRESS` attributes","description_kind":"plain"}},"ipaddress_comparison":{"nesting_mode":"list","block":{"attributes":{"case_sensitive":{"type":"bool","description":" The comparison is case-sensitive (`true`) or insensitive (`false`)","description_kind":"plain","optional":true},"negate":{"type":"bool","description":"Reverses the operator. For example it turns the **begins with** into **does not begin with**","description_kind":"plain","optional":true},"operator":{"type":"string","description":"Operator of the comparison. Possible values are BEGINS_WITH, CONTAINS, ENDS_WITH, EQUALS, EXISTS, IS_IP_IN_RANGE and REGEX_MATCHES. You can reverse it by setting **negate** to `true`","description_kind":"plain","required":true},"type":{"type":"string","description":"if specified, needs to be IP_ADDRESS","description_kind":"plain","deprecated":true,"optional":true},"unknowns":{"type":"string","description":"Any attributes that aren't yet supported by this provider","description_kind":"plain","optional":true},"value":{"type":"string","description":"The value to compare to","description_kind":"plain","optional":true}},"description":"Comparison for `IP_ADDRESS` attributes","description_kind":"plain","deprecated":true}},"key":{"nesting_mode":"list","block":{"attributes":{"attribute":{"type":"string","description":"The attribute to be used for comparision","description_kind":"plain","required":true},"type":{"type":"string","description":"Defines the actual set of fields depending on the value","description_kind":"plain","optional":true},"unknowns":{"type":"string","description":"Any attributes that aren't yet supported by this provider but have meanwhile gotten introduced by a newer version of the Dynatrace REST API","description_kind":"plain","optional":true}},"description":"Fallback for not yet known type","description_kind":"plain"}},"mobile_platform":{"nesting_mode":"list","block":{"attributes":{"negate":{"type":"bool","description":"Reverses the operator. For example it turns the **begins with** into **does not begin with**","description_kind":"plain","optional":true},"operator":{"type":"string","description":"Operator of the comparison. Possible values are EQUALS and EXISTS. You can reverse it by setting **negate** to `true`","description_kind":"plain","required":true},"unknowns":{"type":"string","description":"Any attributes that aren't yet supported by this provider","description_kind":"plain","optional":true},"value":{"type":"string","description":"The value to compare to. Possible values are ANDROID, IOS, LINUX, MAC_OS, OTHER, TVOS and WINDOWS.","description_kind":"plain","optional":true}},"description":"Comparison for `MOBILE_PLATFORM` attributes","description_kind":"plain"}},"mobile_platform_comparison":{"nesting_mode":"list","block":{"attributes":{"negate":{"type":"bool","description":"Reverses the operator. For example it turns the **begins with** into **does not begin with**","description_kind":"plain","optional":true},"operator":{"type":"string","description":"Operator of the comparison. Possible values are EQUALS and EXISTS. You can reverse it by setting **negate** to `true`","description_kind":"plain","required":true},"type":{"type":"string","description":"if specified, needs to be MOBILE_PLATFORM","description_kind":"plain","deprecated":true,"optional":true},"unknowns":{"type":"string","description":"Any attributes that aren't yet supported by this provider","description_kind":"plain","optional":true},"value":{"type":"string","description":"The value to compare to. Possible values are ANDROID, IOS, LINUX, MAC_OS, OTHER, TVOS and WINDOWS.","description_kind":"plain","optional":true}},"description":"Comparison for `MOBILE_PLATFORM` attributes","description_kind":"plain","deprecated":true}},"os_arch":{"nesting_mode":"list","block":{"attributes":{"negate":{"type":"bool","description":"Reverses the operator. For example it turns the **begins with** into **does not begin with**","description_kind":"plain","optional":true},"operator":{"type":"string","description":"Operator of the comparison. Possible values are EQUALS and EXISTS. You can reverse it by setting **negate** to `true`","description_kind":"plain","required":true},"unknowns":{"type":"string","description":"Any attributes that aren't yet supported by this provider","description_kind":"plain","optional":true},"value":{"type":"string","description":"The value to compare to. Possible values are ARM, IA64, PARISC, PPC, PPCLE, S390, SPARC, X86 and ZOS.","description_kind":"plain","optional":true}},"description":"Comparison for `OS_ARCHITECTURE` attributes","description_kind":"plain"}},"os_type":{"nesting_mode":"list","block":{"attributes":{"negate":{"type":"bool","description":"Reverses the operator. For example it turns the **begins with** into **does not begin with**","description_kind":"plain","optional":true},"operator":{"type":"string","description":"Operator of the comparison. Possible values are EQUALS and EXISTS. You can reverse it by setting **negate** to `true`","description_kind":"plain","required":true},"unknowns":{"type":"string","description":"Any attributes that aren't yet supported by this provider","description_kind":"plain","optional":true},"value":{"type":"string","description":"The value to compare to. Possible values are AIX, DARWIN, HPUX, LINUX, SOLARIS, WINDOWS and ZOS.","description_kind":"plain","optional":true}},"description":"Comparison for `OS_TYPE` attributes","description_kind":"plain"}},"osarchitecture_comparison":{"nesting_mode":"list","block":{"attributes":{"negate":{"type":"bool","description":"Reverses the operator. For example it turns the **begins with** into **does not begin with**","description_kind":"plain","optional":true},"operator":{"type":"string","description":"Operator of the comparison. Possible values are EQUALS and EXISTS. You can reverse it by setting **negate** to `true`","description_kind":"plain","required":true},"type":{"type":"string","description":"if specified, needs to be OS_ARCHITECTURE","description_kind":"plain","deprecated":true,"optional":true},"unknowns":{"type":"string","description":"Any attributes that aren't yet supported by this provider","description_kind":"plain","optional":true},"value":{"type":"string","description":"The value to compare to. Possible values are ARM, IA64, PARISC, PPC, PPCLE, S390, SPARC, X86 and ZOS.","description_kind":"plain","optional":true}},"description":"Comparison for `OS_ARCHITECTURE` attributes","description_kind":"plain","deprecated":true}},"ostype_comparison":{"nesting_mode":"list","block":{"attributes":{"negate":{"type":"bool","description":"Reverses the operator. For example it turns the **begins with** into **does not begin with**","description_kind":"plain","optional":true},"operator":{"type":"string","description":"Operator of the comparison. Possible values are EQUALS and EXISTS. You can reverse it by setting **negate** to `true`","description_kind":"plain","required":true},"type":{"type":"string","description":"if specified, needs to be OS_TYPE","description_kind":"plain","deprecated":true,"optional":true},"unknowns":{"type":"string","description":"Any attributes that aren't yet supported by this provider","description_kind":"plain","optional":true},"value":{"type":"string","description":"The value to compare to. Possible values are AIX, DARWIN, HPUX, LINUX, SOLARIS, WINDOWS and ZOS.","description_kind":"plain","optional":true}},"description":"Comparison for `OS_TYPE` attributes","description_kind":"plain","deprecated":true}},"paas_type":{"nesting_mode":"list","block":{"attributes":{"negate":{"type":"bool","description":"Reverses the operator. For example it turns the **begins with** into **does not begin with**","description_kind":"plain","optional":true},"operator":{"type":"string","description":"Operator of the comparison. Possible values are EQUALS and EXISTS. You can reverse it by setting **negate** to `true`","description_kind":"plain","required":true},"unknowns":{"type":"string","description":"Any attributes that aren't yet supported by this provider","description_kind":"plain","optional":true},"value":{"type":"string","description":"The value to compare to. Possible values are AWS_ECS_EC2, AWS_ECS_FARGATE, AWS_LAMBDA, AZURE_FUNCTIONS, AZURE_WEBSITES, CLOUD_FOUNDRY, GOOGLE_APP_ENGINE, HEROKU, KUBERNETES and OPENSHIFT.","description_kind":"plain","optional":true}},"description":"Comparison for `PAAS_TYPE` attributes","description_kind":"plain"}},"paas_type_comparison":{"nesting_mode":"list","block":{"attributes":{"negate":{"type":"bool","description":"Reverses the operator. For example it turns the **begins with** into **does not begin with**","description_kind":"plain","optional":true},"operator":{"type":"string","description":"Operator of the comparison. Possible values are EQUALS and EXISTS. You can reverse it by setting **negate** to `true`","description_kind":"plain","required":true},"type":{"type":"string","description":"if specified, needs to be PAAS_TYPE","description_kind":"plain","deprecated":true,"optional":true},"unknowns":{"type":"string","description":"Any attributes that aren't yet supported by this provider","description_kind":"plain","optional":true},"value":{"type":"string","description":"The value to compare to. Possible values are AWS_ECS_EC2, AWS_ECS_FARGATE, AWS_LAMBDA, AZURE_FUNCTIONS, AZURE_WEBSITES, CLOUD_FOUNDRY, GOOGLE_APP_ENGINE, HEROKU, KUBERNETES and OPENSHIFT.","description_kind":"plain","optional":true}},"description":"Comparison for `PAAS_TYPE` attributes","description_kind":"plain","deprecated":true}},"process_metadata":{"nesting_mode":"list","block":{"attributes":{"attribute":{"type":"string","description":"The attribute to be used for comparision","description_kind":"plain","required":true},"dynamic_key":{"type":"string","description":"The key of the attribute, which need dynamic keys. Not applicable otherwise, as the attibute itself acts as a key. Possible values are AMAZON_ECR_IMAGE_ACCOUNT_ID,AMAZON_ECR_IMAGE_REGION, AMAZON_LAMBDA_FUNCTION_NAME, AMAZON_REGION, APACHE_CONFIG_PATH, APACHE_SPARK_MASTER_IP_ADDRESS, ASP_DOT_NET_CORE_APPLICATION_PATH, AWS_ECS_CLUSTER, AWS_ECS_CONTAINERNAME, AWS_ECS_FAMILY, AWS_ECS_REVISION, CASSANDRA_CLUSTER_NAME, CATALINA_BASE, CATALINA_HOME, CLOUD_FOUNDRY_APP_ID, CLOUD_FOUNDRY_APP_NAME, CLOUD_FOUNDRY_INSTANCE_INDEX, CLOUD_FOUNDRY_SPACE_ID, CLOUD_FOUNDRY_SPACE_NAME, COLDFUSION_JVM_CONFIG_FILE, COLDFUSION_SERVICE_NAME, COMMAND_LINE_ARGS, DOTNET_COMMAND, DOTNET_COMMAND_PATH, DYNATRACE_CLUSTER_ID, DYNATRACE_NODE_ID, ELASTICSEARCH_CLUSTER_NAME, ELASTICSEARCH_NODE_NAME, EQUINOX_CONFIG_PATH, EXE_NAME, EXE_PATH, GLASS_FISH_DOMAIN_NAME, GLASS_FISH_INSTANCE_NAME, GOOGLE_APP_ENGINE_INSTANCE, GOOGLE_APP_ENGINE_SERVICE, GOOGLE_CLOUD_PROJECT, HYBRIS_BIN_DIRECTORY, HYBRIS_CONFIG_DIRECTORY, HYBRIS_DATA_DIRECTORY, IBM_CICS_REGION, IBM_CTG_NAME, IBM_IMS_CONNECT_REGION, IBM_IMS_CONTROL_REGION, IBM_IMS_MESSAGE_PROCESSING_REGION, IBM_IMS_SOAP_GW_NAME, IBM_INTEGRATION_NODE_NAME, IBM_INTEGRATION_SERVER_NAME, IIS_APP_POOL, IIS_ROLE_NAME, JAVA_JAR_FILE, JAVA_JAR_PATH, JAVA_MAIN_CLASS, JAVA_MAIN_MODULE, JBOSS_HOME, JBOSS_MODE, JBOSS_SERVER_NAME, KUBERNETES_BASE_POD_NAME, KUBERNETES_CONTAINER_NAME, KUBERNETES_FULL_POD_NAME, KUBERNETES_NAMESPACE, KUBERNETES_POD_UID, MSSQL_INSTANCE_NAME, NODE_JS_APP_BASE_DIRECTORY, NODE_JS_APP_NAME, NODE_JS_SCRIPT_NAME, ORACLE_SID, PG_ID_CALC_INPUT_KEY_LINKAGE, PHP_SCRIPT_PATH, PHP_WORKING_DIRECTORY, RUBY_APP_ROOT_PATH, RUBY_SCRIPT_PATH, RULE_RESULT, SOFTWAREAG_INSTALL_ROOT, SOFTWAREAG_PRODUCTPROPNAME, SPRINGBOOT_APP_NAME, SPRINGBOOT_PROFILE_NAME, SPRINGBOOT_STARTUP_CLASS, TIBCO_BUSINESSWORKS_CE_APP_NAME, TIBCO_BUSINESSWORKS_CE_VERSION, TIBCO_BUSINESS_WORKS_APP_NODE_NAME, TIBCO_BUSINESS_WORKS_APP_SPACE_NAME, TIBCO_BUSINESS_WORKS_DOMAIN_NAME, TIBCO_BUSINESS_WORKS_ENGINE_PROPERTY_FILE, TIBCO_BUSINESS_WORKS_ENGINE_PROPERTY_FILE_PATH, TIBCO_BUSINESS_WORKS_HOME, VARNISH_INSTANCE_NAME, WEB_LOGIC_CLUSTER_NAME, WEB_LOGIC_DOMAIN_NAME, WEB_LOGIC_HOME, WEB_LOGIC_NAME, WEB_SPHERE_CELL_NAME, WEB_SPHERE_CLUSTER_NAME, WEB_SPHERE_NODE_NAME and WEB_SPHERE_SERVER_NAME","description_kind":"plain","required":true},"unknowns":{"type":"string","description":"Any attributes that aren't yet supported by this provider but have meanwhile gotten introduced by a newer version of the Dynatrace REST API","description_kind":"plain","optional":true}},"description":"The key for dynamic attributes of the `PROCESS_PREDEFINED_METADATA_KEY` type","description_kind":"plain"}},"process_metadata_condition_key":{"nesting_mode":"list","block":{"attributes":{"attribute":{"type":"string","description":"The attribute to be used for comparision","description_kind":"plain","required":true},"dynamic_key":{"type":"string","description":"The key of the attribute, which need dynamic keys. Not applicable otherwise, as the attibute itself acts as a key. Possible values are AMAZON_ECR_IMAGE_ACCOUNT_ID,AMAZON_ECR_IMAGE_REGION, AMAZON_LAMBDA_FUNCTION_NAME, AMAZON_REGION, APACHE_CONFIG_PATH, APACHE_SPARK_MASTER_IP_ADDRESS, ASP_DOT_NET_CORE_APPLICATION_PATH, AWS_ECS_CLUSTER, AWS_ECS_CONTAINERNAME, AWS_ECS_FAMILY, AWS_ECS_REVISION, CASSANDRA_CLUSTER_NAME, CATALINA_BASE, CATALINA_HOME, CLOUD_FOUNDRY_APP_ID, CLOUD_FOUNDRY_APP_NAME, CLOUD_FOUNDRY_INSTANCE_INDEX, CLOUD_FOUNDRY_SPACE_ID, CLOUD_FOUNDRY_SPACE_NAME, COLDFUSION_JVM_CONFIG_FILE, COLDFUSION_SERVICE_NAME, COMMAND_LINE_ARGS, DOTNET_COMMAND, DOTNET_COMMAND_PATH, DYNATRACE_CLUSTER_ID, DYNATRACE_NODE_ID, ELASTICSEARCH_CLUSTER_NAME, ELASTICSEARCH_NODE_NAME, EQUINOX_CONFIG_PATH, EXE_NAME, EXE_PATH, GLASS_FISH_DOMAIN_NAME, GLASS_FISH_INSTANCE_NAME, GOOGLE_APP_ENGINE_INSTANCE, GOOGLE_APP_ENGINE_SERVICE, GOOGLE_CLOUD_PROJECT, HYBRIS_BIN_DIRECTORY, HYBRIS_CONFIG_DIRECTORY, HYBRIS_DATA_DIRECTORY, IBM_CICS_REGION, IBM_CTG_NAME, IBM_IMS_CONNECT_REGION, IBM_IMS_CONTROL_REGION, IBM_IMS_MESSAGE_PROCESSING_REGION, IBM_IMS_SOAP_GW_NAME, IBM_INTEGRATION_NODE_NAME, IBM_INTEGRATION_SERVER_NAME, IIS_APP_POOL, IIS_ROLE_NAME, JAVA_JAR_FILE, JAVA_JAR_PATH, JAVA_MAIN_CLASS, JAVA_MAIN_MODULE, JBOSS_HOME, JBOSS_MODE, JBOSS_SERVER_NAME, KUBERNETES_BASE_POD_NAME, KUBERNETES_CONTAINER_NAME, KUBERNETES_FULL_POD_NAME, KUBERNETES_NAMESPACE, KUBERNETES_POD_UID, MSSQL_INSTANCE_NAME, NODE_JS_APP_BASE_DIRECTORY, NODE_JS_APP_NAME, NODE_JS_SCRIPT_NAME, ORACLE_SID, PG_ID_CALC_INPUT_KEY_LINKAGE, PHP_SCRIPT_PATH, PHP_WORKING_DIRECTORY, RUBY_APP_ROOT_PATH, RUBY_SCRIPT_PATH, RULE_RESULT, SOFTWAREAG_INSTALL_ROOT, SOFTWAREAG_PRODUCTPROPNAME, SPRINGBOOT_APP_NAME, SPRINGBOOT_PROFILE_NAME, SPRINGBOOT_STARTUP_CLASS, TIBCO_BUSINESSWORKS_CE_APP_NAME, TIBCO_BUSINESSWORKS_CE_VERSION, TIBCO_BUSINESS_WORKS_APP_NODE_NAME, TIBCO_BUSINESS_WORKS_APP_SPACE_NAME, TIBCO_BUSINESS_WORKS_DOMAIN_NAME, TIBCO_BUSINESS_WORKS_ENGINE_PROPERTY_FILE, TIBCO_BUSINESS_WORKS_ENGINE_PROPERTY_FILE_PATH, TIBCO_BUSINESS_WORKS_HOME, VARNISH_INSTANCE_NAME, WEB_LOGIC_CLUSTER_NAME, WEB_LOGIC_DOMAIN_NAME, WEB_LOGIC_HOME, WEB_LOGIC_NAME, WEB_SPHERE_CELL_NAME, WEB_SPHERE_CLUSTER_NAME, WEB_SPHERE_NODE_NAME and WEB_SPHERE_SERVER_NAME","description_kind":"plain","required":true},"type":{"type":"string","description":"if specified, needs to be PROCESS_PREDEFINED_METADATA_KEY","description_kind":"plain","deprecated":true,"optional":true},"unknowns":{"type":"string","description":"Any attributes that aren't yet supported by this provider but have meanwhile gotten introduced by a newer version of the Dynatrace REST API","description_kind":"plain","optional":true}},"description":"The key for dynamic attributes of the `PROCESS_PREDEFINED_METADATA_KEY` type","description_kind":"plain","deprecated":true}},"service_topology":{"nesting_mode":"list","block":{"attributes":{"negate":{"type":"bool","description":"Reverses the operator. For example it turns the **begins with** into **does not begin with**","description_kind":"plain","optional":true},"operator":{"type":"string","description":"Operator of the comparison. Possible values are EQUALS and EXISTS. You can reverse it by setting **negate** to `true`","description_kind":"plain","required":true},"unknowns":{"type":"string","description":"Any attributes that aren't yet supported by this provider","description_kind":"plain","optional":true},"value":{"type":"string","description":"The value to compare to. Possible values are EXTERNAL_SERVICE, FULLY_MONITORED and OPAQUE_SERVICE.","description_kind":"plain","optional":true}},"description":"Comparison for `SERVICE_TOPOLOGY` attributes","description_kind":"plain"}},"service_topology_comparison":{"nesting_mode":"list","block":{"attributes":{"negate":{"type":"bool","description":"Reverses the operator. For example it turns the **begins with** into **does not begin with**","description_kind":"plain","optional":true},"operator":{"type":"string","description":"Operator of the comparison. Possible values are EQUALS and EXISTS. You can reverse it by setting **negate** to `true`","description_kind":"plain","required":true},"type":{"type":"string","description":"if specified, needs to be SERVICE_TOPOLOGY","description_kind":"plain","deprecated":true,"optional":true},"unknowns":{"type":"string","description":"Any attributes that aren't yet supported by this provider","description_kind":"plain","optional":true},"value":{"type":"string","description":"The value to compare to. Possible values are EXTERNAL_SERVICE, FULLY_MONITORED and OPAQUE_SERVICE.","description_kind":"plain","optional":true}},"description":"Comparison for `SERVICE_TOPOLOGY` attributes","description_kind":"plain","deprecated":true}},"service_type":{"nesting_mode":"list","block":{"attributes":{"negate":{"type":"bool","description":"Reverses the operator. For example it turns the **begins with** into **does not begin with**","description_kind":"plain","optional":true},"operator":{"type":"string","description":"Operator of the comparison. Possible values are EQUALS and EXISTS. You can reverse it by setting **negate** to `true`","description_kind":"plain","required":true},"unknowns":{"type":"string","description":"Any attributes that aren't yet supported by this provider","description_kind":"plain","optional":true},"value":{"type":"string","description":"The value to compare to. Possible values are BACKGROUND_ACTIVITY, CICS_SERVICE, CUSTOM_SERVICE, DATABASE_SERVICE, ENTERPRISE_SERVICE_BUS_SERVICE, EXTERNAL, IBM_INTEGRATION_BUS_SERVICE, IMS_SERVICE, MESSAGING_SERVICE, QUEUE_LISTENER_SERVICE, RMI_SERVICE, RPC_SERVICE, WEB_REQUEST_SERVICE and WEB_SERVICE.","description_kind":"plain","optional":true}},"description":"Comparison for `SERVICE_TYPE` attributes","description_kind":"plain"}},"service_type_comparison":{"nesting_mode":"list","block":{"attributes":{"negate":{"type":"bool","description":"Reverses the operator. For example it turns the **begins with** into **does not begin with**","description_kind":"plain","optional":true},"operator":{"type":"string","description":"Operator of the comparison. Possible values are EQUALS and EXISTS. You can reverse it by setting **negate** to `true`","description_kind":"plain","required":true},"type":{"type":"string","description":"if specified, needs to be SERVICE_TYPE","description_kind":"plain","deprecated":true,"optional":true},"unknowns":{"type":"string","description":"Any attributes that aren't yet supported by this provider","description_kind":"plain","optional":true},"value":{"type":"string","description":"The value to compare to. Possible values are BACKGROUND_ACTIVITY, CICS_SERVICE, CUSTOM_SERVICE, DATABASE_SERVICE, ENTERPRISE_SERVICE_BUS_SERVICE, EXTERNAL, IBM_INTEGRATION_BUS_SERVICE, IMS_SERVICE, MESSAGING_SERVICE, QUEUE_LISTENER_SERVICE, RMI_SERVICE, RPC_SERVICE, WEB_REQUEST_SERVICE and WEB_SERVICE.","description_kind":"plain","optional":true}},"description":"Comparison for `SERVICE_TYPE` attributes","description_kind":"plain","deprecated":true}},"simple_host_tech_comparison":{"nesting_mode":"list","block":{"attributes":{"negate":{"type":"bool","description":"Reverses the operator. For example it turns the **begins with** into **does not begin with**","description_kind":"plain","optional":true},"operator":{"type":"string","description":"Operator of the comparison. Possible values are EQUALS and EXISTS. You can reverse it by setting **negate** to `true`","description_kind":"plain","required":true},"type":{"type":"string","description":"if specified, needs to be SIMPLE_HOST_TECH","description_kind":"plain","deprecated":true,"optional":true},"unknowns":{"type":"string","description":"Any attributes that aren't yet supported by this provider","description_kind":"plain","optional":true}},"block_types":{"value":{"nesting_mode":"list","block":{"attributes":{"type":{"type":"string","description":"Predefined technology, if technology is not predefined, then the verbatim type must be set. Possible values are APPARMOR, BOSH, BOSHBPM, CLOUDFOUNDRY, CONTAINERD, CRIO, DIEGO_CELL, DOCKER, GARDEN, GRSECURITY, KUBERNETES, OPENSHIFT, OPENSTACK_COMPUTE, OPENSTACK_CONTROLLER and SELINUX","description_kind":"plain","optional":true},"unknowns":{"type":"string","description":"Any attributes that aren't yet supported by this provider","description_kind":"plain","optional":true},"verbatim_type":{"type":"string","description":"Non-predefined technology, use for custom technologies","description_kind":"plain","optional":true}},"description":"The value to compare to","description_kind":"plain"},"max_items":1}},"description":"Comparison for `SIMPLE_HOST_TECH` attributes","description_kind":"plain","deprecated":true}},"simple_tech_comparison":{"nesting_mode":"list","block":{"attributes":{"negate":{"type":"bool","description":"Reverses the operator. For example it turns the **begins with** into **does not begin with**","description_kind":"plain","optional":true},"operator":{"type":"string","description":"Operator of the comparison. Possible values are EQUALS and EXISTS. You can reverse it by setting **negate** to `true`","description_kind":"plain","required":true},"type":{"type":"string","description":"if specified, needs to be SIMPLE_TECH","description_kind":"plain","deprecated":true,"optional":true},"unknowns":{"type":"string","description":"Any attributes that aren't yet supported by this provider","description_kind":"plain","optional":true}},"block_types":{"value":{"nesting_mode":"list","block":{"attributes":{"type":{"type":"string","description":"Predefined technology, if technology is not predefined, then the verbatim type must be set.","description_kind":"plain","optional":true},"unknowns":{"type":"string","description":"Any attributes that aren't yet supported by this provider","description_kind":"plain","optional":true},"verbatim_type":{"type":"string","description":"Non-predefined technology, use for custom technologies","description_kind":"plain","optional":true}},"description":"The value to compare to","description_kind":"plain"},"max_items":1}},"description":"Comparison for `SIMPLE_TECH` attributes","description_kind":"plain","deprecated":true}},"string":{"nesting_mode":"list","block":{"attributes":{"case_sensitive":{"type":"bool","description":"The comparison is case-sensitive (`true`) or insensitive (`false`)","description_kind":"plain","optional":true},"negate":{"type":"bool","description":"Reverses the operator. For example it turns the **begins with** into **does not begin with**","description_kind":"plain","optional":true},"operator":{"type":"string","description":"Operator of the comparison. Possible values are BEGINS_WITH, CONTAINS, ENDS_WITH, EQUALS, EXISTS and REGEX_MATCHES. You can reverse it by setting **negate** to `true`","description_kind":"plain","required":true},"unknowns":{"type":"string","description":"Any attributes that aren't yet supported by this provider","description_kind":"plain","optional":true},"value":{"type":"string","description":"The value to compare to","description_kind":"plain","optional":true}},"description":"Comparison for `STRING` attributes","description_kind":"plain"}},"string_comparison":{"nesting_mode":"list","block":{"attributes":{"case_sensitive":{"type":"bool","description":"The comparison is case-sensitive (`true`) or insensitive (`false`)","description_kind":"plain","optional":true},"negate":{"type":"bool","description":"Reverses the operator. For example it turns the **begins with** into **does not begin with**","description_kind":"plain","optional":true},"operator":{"type":"string","description":"Operator of the comparison. Possible values are BEGINS_WITH, CONTAINS, ENDS_WITH, EQUALS, EXISTS and REGEX_MATCHES. You can reverse it by setting **negate** to `true`","description_kind":"plain","required":true},"type":{"type":"string","description":"if specified, needs to be STRING","description_kind":"plain","deprecated":true,"optional":true},"unknowns":{"type":"string","description":"Any attributes that aren't yet supported by this provider","description_kind":"plain","optional":true},"value":{"type":"string","description":"The value to compare to","description_kind":"plain","optional":true}},"description":"Comparison for `STRING` attributes","description_kind":"plain","deprecated":true}},"string_condition_key":{"nesting_mode":"list","block":{"attributes":{"attribute":{"type":"string","description":"The attribute to be used for comparision","description_kind":"plain","required":true},"dynamic_key":{"type":"string","description":"The key of the attribute, which need dynamic keys. Not applicable otherwise, as the attibute itself acts as a key. Possible values are\n   - `AMAZON_ECR_IMAGE_ACCOUNT_ID`\n   - `AMAZON_ECR_IMAGE_REGION`\n   - `AMAZON_LAMBDA_FUNCTION_NAME`\n   - `AMAZON_REGION`\n   - `APACHE_CONFIG_PATH`\n   - `APACHE_SPARK_MASTER_IP_ADDRESS`\n   - `ASP_DOT_NET_CORE_APPLICATION_PATH`\n   - `AWS_ECS_CLUSTER`\n   - `AWS_ECS_CONTAINERNAME`\n   - `AWS_ECS_FAMILY`\n   - `AWS_ECS_REVISION`\n   - `CASSANDRA_CLUSTER_NAME`\n   - `CATALINA_BASE`\n   - `CATALINA_HOME`\n   - `CLOUD_FOUNDRY_APP_ID`\n   - `CLOUD_FOUNDRY_APP_NAME`\n   - `CLOUD_FOUNDRY_INSTANCE_INDEX`\n   - `CLOUD_FOUNDRY_SPACE_ID`\n   - `CLOUD_FOUNDRY_SPACE_NAME`\n   - `COLDFUSION_JVM_CONFIG_FILE`\n   - `COLDFUSION_SERVICE_NAME`\n   - `COMMAND_LINE_ARGS`\n   - `DOTNET_COMMAND`\n   - `DOTNET_COMMAND_PATH`\n   - `DYNATRACE_CLUSTER_ID`\n   - `DYNATRACE_NODE_ID`\n   - `ELASTICSEARCH_CLUSTER_NAME`\n   - `ELASTICSEARCH_NODE_NAME`\n   - `EQUINOX_CONFIG_PATH`\n   - `EXE_NAME`\n   - `EXE_PATH`\n   - `GLASS_FISH_DOMAIN_NAME`\n   - `GLASS_FISH_INSTANCE_NAME`\n   - `GOOGLE_APP_ENGINE_INSTANCE`\n   - `GOOGLE_APP_ENGINE_SERVICE`\n   - `GOOGLE_CLOUD_PROJECT`\n   - `HYBRIS_BIN_DIRECTORY`\n   - `HYBRIS_CONFIG_DIRECTORY`\n   - `HYBRIS_DATA_DIRECTORY`\n   - `IBM_CICS_REGION`\n   - `IBM_CTG_NAME`\n   - `IBM_IMS_CONNECT_REGION`\n   - `IBM_IMS_CONTROL_REGION`\n   - `IBM_IMS_MESSAGE_PROCESSING_REGION`\n   - `IBM_IMS_SOAP_GW_NAME`\n   - `IBM_INTEGRATION_NODE_NAME`\n   - `IBM_INTEGRATION_SERVER_NAME`\n   - `IIS_APP_POOL`\n   - `IIS_ROLE_NAME`\n   - `JAVA_JAR_FILE`\n   - `JAVA_JAR_PATH`\n   - `JAVA_MAIN_CLASS`\n   - `JAVA_MAIN_MODULE`\n   - `JBOSS_HOME`\n   - `JBOSS_MODE`\n   - `JBOSS_SERVER_NAME`\n   - `KUBERNETES_BASE_POD_NAME`\n   - `KUBERNETES_CONTAINER_NAME`\n   - `KUBERNETES_FULL_POD_NAME`\n   - `KUBERNETES_NAMESPACE`\n   - `KUBERNETES_POD_UID`\n   - `MSSQL_INSTANCE_NAME`\n   - `NODE_JS_APP_BASE_DIRECTORY`\n   - `NODE_JS_APP_NAME`\n   - `NODE_JS_SCRIPT_NAME`\n   - `ORACLE_SID`\n   - `PG_ID_CALC_INPUT_KEY_LINKAGE`\n   - `PHP_SCRIPT_PATH`\n   - `PHP_WORKING_DIRECTORY`\n   - `RUBY_APP_ROOT_PATH`\n   - `RUBY_SCRIPT_PATH`\n   - `RULE_RESULT`\n   - `SOFTWAREAG_INSTALL_ROOT`\n   - `SOFTWAREAG_PRODUCTPROPNAME`\n   - `SPRINGBOOT_APP_NAME`\n   - `SPRINGBOOT_PROFILE_NAME`\n   - `SPRINGBOOT_STARTUP_CLASS`\n   - `TIBCO_BUSINESSWORKS_CE_APP_NAME`\n   - `TIBCO_BUSINESSWORKS_CE_VERSION`\n   - `TIBCO_BUSINESS_WORKS_APP_NODE_NAME`\n   - `TIBCO_BUSINESS_WORKS_APP_SPACE_NAME`\n   - `TIBCO_BUSINESS_WORKS_DOMAIN_NAME`\n   - `TIBCO_BUSINESS_WORKS_ENGINE_PROPERTY_FILE`\n   - `TIBCO_BUSINESS_WORKS_ENGINE_PROPERTY_FILE_PATH`\n   - `TIBCO_BUSINESS_WORKS_HOME`\n   - `VARNISH_INSTANCE_NAME`\n   - `WEB_LOGIC_CLUSTER_NAME`\n   - `WEB_LOGIC_DOMAIN_NAME`\n   - `WEB_LOGIC_HOME`\n   - `WEB_LOGIC_NAME`\n   - `WEB_SPHERE_CELL_NAME`\n   - `WEB_SPHERE_CLUSTER_NAME`\n   - `WEB_SPHERE_NODE_NAME and WEB_SPHERE_SERVER_NAME`","description_kind":"plain","required":true},"type":{"type":"string","description":"if specified, needs to be `STRING`","description_kind":"plain","deprecated":true,"optional":true},"unknowns":{"type":"string","description":"Any attributes that aren't yet supported by this provider but have meanwhile gotten introduced by a newer version of the Dynatrace REST API","description_kind":"plain","optional":true}},"description":" The key for dynamic attributes of the `STRING` type","description_kind":"plain","deprecated":true}},"string_key":{"nesting_mode":"list","block":{"attributes":{"attribute":{"type":"string","description":"The attribute to be used for comparision","description_kind":"plain","required":true},"dynamic_key":{"type":"string","description":"The key of the attribute, which need dynamic keys. Not applicable otherwise, as the attibute itself acts as a key. Possible values are\n   - `AMAZON_ECR_IMAGE_ACCOUNT_ID`\n   - `AMAZON_ECR_IMAGE_REGION`\n   - `AMAZON_LAMBDA_FUNCTION_NAME`\n   - `AMAZON_REGION`\n   - `APACHE_CONFIG_PATH`\n   - `APACHE_SPARK_MASTER_IP_ADDRESS`\n   - `ASP_DOT_NET_CORE_APPLICATION_PATH`\n   - `AWS_ECS_CLUSTER`\n   - `AWS_ECS_CONTAINERNAME`\n   - `AWS_ECS_FAMILY`\n   - `AWS_ECS_REVISION`\n   - `CASSANDRA_CLUSTER_NAME`\n   - `CATALINA_BASE`\n   - `CATALINA_HOME`\n   - `CLOUD_FOUNDRY_APP_ID`\n   - `CLOUD_FOUNDRY_APP_NAME`\n   - `CLOUD_FOUNDRY_INSTANCE_INDEX`\n   - `CLOUD_FOUNDRY_SPACE_ID`\n   - `CLOUD_FOUNDRY_SPACE_NAME`\n   - `COLDFUSION_JVM_CONFIG_FILE`\n   - `COLDFUSION_SERVICE_NAME`\n   - `COMMAND_LINE_ARGS`\n   - `DOTNET_COMMAND`\n   - `DOTNET_COMMAND_PATH`\n   - `DYNATRACE_CLUSTER_ID`\n   - `DYNATRACE_NODE_ID`\n   - `ELASTICSEARCH_CLUSTER_NAME`\n   - `ELASTICSEARCH_NODE_NAME`\n   - `EQUINOX_CONFIG_PATH`\n   - `EXE_NAME`\n   - `EXE_PATH`\n   - `GLASS_FISH_DOMAIN_NAME`\n   - `GLASS_FISH_INSTANCE_NAME`\n   - `GOOGLE_APP_ENGINE_INSTANCE`\n   - `GOOGLE_APP_ENGINE_SERVICE`\n   - `GOOGLE_CLOUD_PROJECT`\n   - `HYBRIS_BIN_DIRECTORY`\n   - `HYBRIS_CONFIG_DIRECTORY`\n   - `HYBRIS_DATA_DIRECTORY`\n   - `IBM_CICS_REGION`\n   - `IBM_CTG_NAME`\n   - `IBM_IMS_CONNECT_REGION`\n   - `IBM_IMS_CONTROL_REGION`\n   - `IBM_IMS_MESSAGE_PROCESSING_REGION`\n   - `IBM_IMS_SOAP_GW_NAME`\n   - `IBM_INTEGRATION_NODE_NAME`\n   - `IBM_INTEGRATION_SERVER_NAME`\n   - `IIS_APP_POOL`\n   - `IIS_ROLE_NAME`\n   - `JAVA_JAR_FILE`\n   - `JAVA_JAR_PATH`\n   - `JAVA_MAIN_CLASS`\n   - `JAVA_MAIN_MODULE`\n   - `JBOSS_HOME`\n   - `JBOSS_MODE`\n   - `JBOSS_SERVER_NAME`\n   - `KUBERNETES_BASE_POD_NAME`\n   - `KUBERNETES_CONTAINER_NAME`\n   - `KUBERNETES_FULL_POD_NAME`\n   - `KUBERNETES_NAMESPACE`\n   - `KUBERNETES_POD_UID`\n   - `MSSQL_INSTANCE_NAME`\n   - `NODE_JS_APP_BASE_DIRECTORY`\n   - `NODE_JS_APP_NAME`\n   - `NODE_JS_SCRIPT_NAME`\n   - `ORACLE_SID`\n   - `PG_ID_CALC_INPUT_KEY_LINKAGE`\n   - `PHP_SCRIPT_PATH`\n   - `PHP_WORKING_DIRECTORY`\n   - `RUBY_APP_ROOT_PATH`\n   - `RUBY_SCRIPT_PATH`\n   - `RULE_RESULT`\n   - `SOFTWAREAG_INSTALL_ROOT`\n   - `SOFTWAREAG_PRODUCTPROPNAME`\n   - `SPRINGBOOT_APP_NAME`\n   - `SPRINGBOOT_PROFILE_NAME`\n   - `SPRINGBOOT_STARTUP_CLASS`\n   - `TIBCO_BUSINESSWORKS_CE_APP_NAME`\n   - `TIBCO_BUSINESSWORKS_CE_VERSION`\n   - `TIBCO_BUSINESS_WORKS_APP_NODE_NAME`\n   - `TIBCO_BUSINESS_WORKS_APP_SPACE_NAME`\n   - `TIBCO_BUSINESS_WORKS_DOMAIN_NAME`\n   - `TIBCO_BUSINESS_WORKS_ENGINE_PROPERTY_FILE`\n   - `TIBCO_BUSINESS_WORKS_ENGINE_PROPERTY_FILE_PATH`\n   - `TIBCO_BUSINESS_WORKS_HOME`\n   - `VARNISH_INSTANCE_NAME`\n   - `WEB_LOGIC_CLUSTER_NAME`\n   - `WEB_LOGIC_DOMAIN_NAME`\n   - `WEB_LOGIC_HOME`\n   - `WEB_LOGIC_NAME`\n   - `WEB_SPHERE_CELL_NAME`\n   - `WEB_SPHERE_CLUSTER_NAME`\n   - `WEB_SPHERE_NODE_NAME and WEB_SPHERE_SERVER_NAME`","description_kind":"plain","required":true},"unknowns":{"type":"string","description":"Any attributes that aren't yet supported by this provider but have meanwhile gotten introduced by a newer version of the Dynatrace REST API","description_kind":"plain","optional":true}},"description":" The key for dynamic attributes of the `STRING` type","description_kind":"plain"}},"synthetic_engine":{"nesting_mode":"list","block":{"attributes":{"negate":{"type":"bool","description":"Reverses the operator. For example it turns the **begins with** into **does not begin with**","description_kind":"plain","optional":true},"operator":{"type":"string","description":"Operator of the comparison. Possible values are  EQUALS and EXISTS. You can reverse it by setting **negate** to `true`","description_kind":"plain","required":true},"unknowns":{"type":"string","description":"Any attributes that aren't yet supported by this provider","description_kind":"plain","optional":true},"value":{"type":"string","description":"The value to compare to. Possible values are CLASSIC and CUSTOM","description_kind":"plain","optional":true}},"description":"Comparison for `SYNTHETIC_ENGINE_TYPE` attributes","description_kind":"plain"}},"synthetic_engine_type_comparison":{"nesting_mode":"list","block":{"attributes":{"negate":{"type":"bool","description":"Reverses the operator. For example it turns the **begins with** into **does not begin with**","description_kind":"plain","optional":true},"operator":{"type":"string","description":"Operator of the comparison. Possible values are  EQUALS and EXISTS. You can reverse it by setting **negate** to `true`","description_kind":"plain","required":true},"type":{"type":"string","description":"if specified, needs to be SYNTHETIC_ENGINE_TYPE","description_kind":"plain","deprecated":true,"optional":true},"unknowns":{"type":"string","description":"Any attributes that aren't yet supported by this provider","description_kind":"plain","optional":true},"value":{"type":"string","description":"The value to compare to. Possible values are CLASSIC and CUSTOM","description_kind":"plain","optional":true}},"description":"Comparison for `SYNTHETIC_ENGINE_TYPE` attributes","description_kind":"plain","deprecated":true}},"tag":{"nesting_mode":"list","block":{"attributes":{"negate":{"type":"bool","description":"Reverses the operator. For example it turns the **begins with** into **does not begin with**","description_kind":"plain","optional":true},"operator":{"type":"string","description":"Operator of the comparison. Possible values are EQUALS and TAG_KEY_EQUALS. You can reverse it by setting **negate** to `true`","description_kind":"plain","required":true},"unknowns":{"type":"string","description":"Any attributes that aren't yet supported by this provider","description_kind":"plain","optional":true}},"block_types":{"value":{"nesting_mode":"list","block":{"attributes":{"context":{"type":"string","description":"The origin of the tag, such as AWS or Cloud Foundry. Possible values are AWS, AWS_GENERIC, AZURE, CLOUD_FOUNDRY, CONTEXTLESS, ENVIRONMENT, GOOGLE_CLOUD and KUBERNETES. Custom tags use the `CONTEXTLESS` value","description_kind":"plain","required":true},"key":{"type":"string","description":"The key of the tag. Custom tags have the tag value here","description_kind":"plain","required":true},"unknowns":{"type":"string","description":"Any attributes that aren't yet supported by this provider but have meanwhile gotten introduced by a newer version of the Dynatrace REST API","description_kind":"plain","optional":true},"value":{"type":"string","description":"The value of the tag. Not applicable to custom tags","description_kind":"plain","optional":true}},"description":"Tag of a Dynatrace entity","description_kind":"plain"},"max_items":1}},"description":"Comparison for `TAG` attributes","description_kind":"plain"}},"tag_comparison":{"nesting_mode":"list","block":{"attributes":{"negate":{"type":"bool","description":"Reverses the operator. For example it turns the **begins with** into **does not begin with**","description_kind":"plain","optional":true},"operator":{"type":"string","description":"Operator of the comparison. Possible values are EQUALS and TAG_KEY_EQUALS. You can reverse it by setting **negate** to `true`","description_kind":"plain","required":true},"type":{"type":"string","description":"if specified, needs to be TAG","description_kind":"plain","deprecated":true,"optional":true},"unknowns":{"type":"string","description":"Any attributes that aren't yet supported by this provider","description_kind":"plain","optional":true}},"block_types":{"value":{"nesting_mode":"list","block":{"attributes":{"context":{"type":"string","description":"The origin of the tag, such as AWS or Cloud Foundry. Possible values are AWS, AWS_GENERIC, AZURE, CLOUD_FOUNDRY, CONTEXTLESS, ENVIRONMENT, GOOGLE_CLOUD and KUBERNETES. Custom tags use the `CONTEXTLESS` value","description_kind":"plain","required":true},"key":{"type":"string","description":"The key of the tag. Custom tags have the tag value here","description_kind":"plain","required":true},"unknowns":{"type":"string","description":"Any attributes that aren't yet supported by this provider but have meanwhile gotten introduced by a newer version of the Dynatrace REST API","description_kind":"plain","optional":true},"value":{"type":"string","description":"The value of the tag. Not applicable to custom tags","description_kind":"plain","optional":true}},"description":"Tag of a Dynatrace entity","description_kind":"plain"},"max_items":1}},"description":"Comparison for `TAG` attributes","description_kind":"plain","deprecated":true}},"tech":{"nesting_mode":"list","block":{"attributes":{"negate":{"type":"bool","description":"Reverses the operator. For example it turns the **begins with** into **does not begin with**","description_kind":"plain","optional":true},"operator":{"type":"string","description":"Operator of the comparison. Possible values are EQUALS and EXISTS. You can reverse it by setting **negate** to `true`","description_kind":"plain","required":true},"unknowns":{"type":"string","description":"Any attributes that aren't yet supported by this provider","description_kind":"plain","optional":true}},"block_types":{"value":{"nesting_mode":"list","block":{"attributes":{"type":{"type":"string","description":"Predefined technology, if technology is not predefined, then the verbatim type must be set.","description_kind":"plain","optional":true},"unknowns":{"type":"string","description":"Any attributes that aren't yet supported by this provider","description_kind":"plain","optional":true},"verbatim_type":{"type":"string","description":"Non-predefined technology, use for custom technologies","description_kind":"plain","optional":true}},"description":"The value to compare to","description_kind":"plain"},"max_items":1}},"description":"Comparison for `SIMPLE_TECH` attributes","description_kind":"plain"}}},"description":"A conditions for the metric usage","description_kind":"plain"}}},"description":"A list of matching conditions of the rule.  The rule applies only if **all** conditions are fulfilled","description_kind":"plain"}}},"description_kind":"plain"}},"dynatrace_slo":{"version":0,"block":{"attributes":{"denominator":{"type":"string","description":"The total count metric (the denominator in rate calculation)","description_kind":"plain","optional":true},"description":{"type":"string","description":"The custom description of the SLO (optional)","description_kind":"plain","optional":true},"disabled":{"type":"bool","description":"The SLO is enabled (`false`) or disabled (`true`)","description_kind":"plain","optional":true},"evaluation":{"type":"string","description":"The evaluation type of the SLO. Currently only `AGGREGATE` is supported","description_kind":"plain","required":true},"filter":{"type":"string","description":"The entity filter for the SLO evaluation. Use the [syntax of entity selector](https://dt-url.net/entityselector)","description_kind":"plain","optional":true},"id":{"type":"string","description_kind":"plain","optional":true,"computed":true},"metric_expression":{"type":"string","description":"The percentage-based metric expression for the calculation of the SLO","description_kind":"plain","optional":true},"name":{"type":"string","description":"The name of the rule","description_kind":"plain","required":true},"numerator":{"type":"string","description":"The metric for the count of successes (the numerator in rate calculation)","description_kind":"plain","deprecated":true,"optional":true},"rate":{"type":"string","description":"The percentage-based metric for the calculation of the SLO","description_kind":"plain","optional":true},"target":{"type":"number","description":"The target value of the SLO","description_kind":"plain","required":true},"timeframe":{"type":"string","description":"The timeframe for the SLO evaluation. Use the syntax of the global timeframe selector","description_kind":"plain","required":true},"warning":{"type":"number","description":"The warning value of the SLO. At warning state the SLO is still fulfilled but is getting close to failure","description_kind":"plain","required":true}},"description_kind":"plain"}},"dynatrace_span_attribute":{"version":0,"block":{"attributes":{"id":{"type":"string","description_kind":"plain","optional":true,"computed":true},"key":{"type":"string","description":"the key of the attribute to capture","description_kind":"plain","required":true}},"description_kind":"plain"}},"dynatrace_span_capture_rule":{"version":0,"block":{"attributes":{"action":{"type":"string","description":"Whether to create an entry point or not","description_kind":"plain","required":true},"id":{"type":"string","description_kind":"plain","optional":true,"computed":true},"name":{"type":"string","description":"The name of the rule","description_kind":"plain","required":true}},"block_types":{"matches":{"nesting_mode":"list","block":{"block_types":{"match":{"nesting_mode":"list","block":{"attributes":{"case_sensitive":{"type":"bool","description":"Whether to match strings case sensitively or not","description_kind":"plain","optional":true},"comparison":{"type":"string","description":"Possible values are `EQUALS`, `CONTAINS`, `STARTS_WITH`, `ENDS_WITH`, `DOES_NOT_EQUAL`, `DOES_NOT_CONTAIN`, `DOES_NOT_START_WITH` and `DOES_NOT_END_WITH`.","description_kind":"plain","required":true},"key":{"type":"string","description":"The name of the attribute if `source` is `ATTRIBUTE`","description_kind":"plain","optional":true},"source":{"type":"string","description":"What to match against. Possible values are `SPAN_NAME`, `SPAN_KIND`, `ATTRIBUTE`, `INSTRUMENTATION_LIBRARY_NAME` and `INSTRUMENTATION_LIBRARY_VERSION`","description_kind":"plain","required":true},"value":{"type":"string","description":"The value to compare against. When `source` is `SPAN_KIND` the only allowed values are `INTERNAL`, `SERVER`, `CLIENT`, `PRODUCER` and `CONSUMER`","description_kind":"plain","optional":true}},"description":"Matching strategies for the Span","description_kind":"plain"},"min_items":1}},"description":"Matching strategies for the Span","description_kind":"plain"},"min_items":1,"max_items":1}},"description_kind":"plain"}},"dynatrace_span_context_propagation":{"version":0,"block":{"attributes":{"action":{"type":"string","description":"Whether to create an entry point or not","description_kind":"plain","required":true},"id":{"type":"string","description_kind":"plain","optional":true,"computed":true},"name":{"type":"string","description":"The name of the rule","description_kind":"plain","required":true}},"block_types":{"matches":{"nesting_mode":"list","block":{"block_types":{"match":{"nesting_mode":"list","block":{"attributes":{"case_sensitive":{"type":"bool","description":"Whether to match strings case sensitively or not","description_kind":"plain","optional":true},"comparison":{"type":"string","description":"Possible values are `EQUALS`, `CONTAINS`, `STARTS_WITH`, `ENDS_WITH`, `DOES_NOT_EQUAL`, `DOES_NOT_CONTAIN`, `DOES_NOT_START_WITH` and `DOES_NOT_END_WITH`.","description_kind":"plain","required":true},"key":{"type":"string","description":"The name of the attribute if `source` is `ATTRIBUTE`","description_kind":"plain","optional":true},"source":{"type":"string","description":"What to match against. Possible values are `SPAN_NAME`, `SPAN_KIND`, `ATTRIBUTE`, `INSTRUMENTATION_LIBRARY_NAME` and `INSTRUMENTATION_LIBRARY_VERSION`","description_kind":"plain","required":true},"value":{"type":"string","description":"The value to compare against. When `source` is `SPAN_KIND` the only allowed values are `INTERNAL`, `SERVER`, `CLIENT`, `PRODUCER` and `CONSUMER`","description_kind":"plain","optional":true}},"description":"Matching strategies for the Span","description_kind":"plain"},"min_items":1}},"description":"Matching strategies for the Span","description_kind":"plain"},"min_items":1,"max_items":1}},"description_kind":"plain"}},"dynatrace_span_entry_point":{"version":0,"block":{"attributes":{"action":{"type":"string","description":"Whether to create an entry point or not","description_kind":"plain","required":true},"id":{"type":"string","description_kind":"plain","optional":true,"computed":true},"name":{"type":"string","description":"The name of the rule","description_kind":"plain","required":true}},"block_types":{"matches":{"nesting_mode":"list","block":{"block_types":{"match":{"nesting_mode":"list","block":{"attributes":{"case_sensitive":{"type":"bool","description":"Whether to match strings case sensitively or not","description_kind":"plain","optional":true},"comparison":{"type":"string","description":"Possible values are `EQUALS`, `CONTAINS`, `STARTS_WITH`, `ENDS_WITH`, `DOES_NOT_EQUAL`, `DOES_NOT_CONTAIN`, `DOES_NOT_START_WITH` and `DOES_NOT_END_WITH`.","description_kind":"plain","required":true},"key":{"type":"string","description":"The name of the attribute if `source` is `ATTRIBUTE`","description_kind":"plain","optional":true},"source":{"type":"string","description":"What to match against. Possible values are `SPAN_NAME`, `SPAN_KIND`, `ATTRIBUTE`, `INSTRUMENTATION_LIBRARY_NAME` and `INSTRUMENTATION_LIBRARY_VERSION`","description_kind":"plain","required":true},"value":{"type":"string","description":"The value to compare against. When `source` is `SPAN_KIND` the only allowed values are `INTERNAL`, `SERVER`, `CLIENT`, `PRODUCER` and `CONSUMER`","description_kind":"plain","optional":true}},"description":"Matching strategies for the Span","description_kind":"plain"},"min_items":1}},"description":"Matching strategies for the Span","description_kind":"plain"},"min_items":1,"max_items":1}},"description_kind":"plain"}}},"data_source_schemas":{"dynatrace_alerting_profiles":{"version":0,"block":{"attributes":{"id":{"type":"string","description_kind":"plain","optional":true,"computed":true},"profiles":{"type":["map","string"],"description_kind":"plain","optional":true}},"description_kind":"plain"}},"dynatrace_credentials":{"version":0,"block":{"attributes":{"credentials":{"type":["map","string"],"description_kind":"plain","optional":true},"id":{"type":"string","description_kind":"plain","optional":true,"computed":true}},"description_kind":"plain"}},"dynatrace_synthetic_location":{"version":0,"block":{"attributes":{"cloud_platform":{"type":"string","description":"The cloud provider where the location is hosted. \n\n Only applicable to `PUBLIC` locations","description_kind":"plain","optional":true,"computed":true},"id":{"type":"string","description":"The unique ID of the location","description_kind":"plain","optional":true},"ips":{"type":["list","string"],"description":"The list of IP addresses assigned to the location. \n\n Only applicable to `PUBLIC` locations","description_kind":"plain","optional":true,"computed":true},"name":{"type":"string","description":"The name of the location","description_kind":"plain","optional":true},"stage":{"type":"string","description":"The release stage of the location","description_kind":"plain","optional":true,"computed":true},"status":{"type":"string","description":"The status of the location: \n\n* `ENABLED`: The location is displayed as active in the UI. You can assign monitors to the location. \n* `DISABLED`: The location is displayed as inactive in the UI. You can't assign monitors to the location. Monitors already assigned to the location will stay there and will be executed from the location. \n* `HIDDEN`: The location is not displayed in the UI. You can't assign monitors to the location. You can only set location as `HIDDEN` when no monitor is assigned to it","description_kind":"plain","optional":true,"computed":true},"type":{"type":"string","description":"The type of the location. Supported values are `PUBLIC`, `PRIVATE` and `CLUSTER`","description_kind":"plain","optional":true}},"description_kind":"plain"}},"dynatrace_synthetic_locations":{"version":0,"block":{"attributes":{"id":{"type":"string","description_kind":"plain","optional":true},"name":{"type":"string","description_kind":"plain","optional":true}},"block_types":{"locations":{"nesting_mode":"list","block":{"block_types":{"location":{"nesting_mode":"list","block":{"attributes":{"cloud_platform":{"type":"string","description":"The cloud provider where the location is hosted. \n\n Only applicable to `PUBLIC` locations","description_kind":"plain","optional":true,"computed":true},"id":{"type":"string","description":"The unique ID of the location","description_kind":"plain","optional":true},"ips":{"type":["list","string"],"description":"The list of IP addresses assigned to the location. \n\n Only applicable to `PUBLIC` locations","description_kind":"plain","optional":true,"computed":true},"name":{"type":"string","description":"The name of the location","description_kind":"plain","optional":true},"stage":{"type":"string","description":"The release stage of the location","description_kind":"plain","optional":true,"computed":true},"status":{"type":"string","description":"The status of the location: \n\n* `ENABLED`: The location is displayed as active in the UI. You can assign monitors to the location. \n* `DISABLED`: The location is displayed as inactive in the UI. You can't assign monitors to the location. Monitors already assigned to the location will stay there and will be executed from the location. \n* `HIDDEN`: The location is not displayed in the UI. You can't assign monitors to the location. You can only set location as `HIDDEN` when no monitor is assigned to it","description_kind":"plain","optional":true,"computed":true},"type":{"type":"string","description":"The type of the location. Supported values are `PUBLIC`, `PRIVATE` and `CLUSTER`","description_kind":"plain","optional":true}},"description":"The name of the location","description_kind":"plain"}}},"description_kind":"plain"},"max_items":1}},"description_kind":"plain"}}}}}}
