{"format_version":"0.2","provider_schemas":{"registry.terraform.io/equinix/equinix":{"provider":{"version":0,"block":{"attributes":{"client_id":{"type":"string","description":"API Consumer Key available under My Apps section in developer portal","description_kind":"plain","optional":true},"client_secret":{"type":"string","description":"API Consumer secret available under My Apps section in developer portal","description_kind":"plain","optional":true},"endpoint":{"type":"string","description":"The Equinix API base URL to point out desired environment. Defaults to https://api.equinix.com","description_kind":"plain","optional":true},"request_timeout":{"type":"number","description":"The duration of time, in seconds, that the Equinix Platform API Client should wait before canceling an API request","description_kind":"plain","optional":true},"response_max_page_size":{"type":"number","description":"The maximum number of records in a single response for REST queries that produce paginated responses","description_kind":"plain","optional":true}},"description_kind":"plain"}},"resource_schemas":{"equinix_ecx_l2_connection":{"version":0,"block":{"attributes":{"authorization_key":{"type":"string","description":"Text field used to authorize connection on the provider side. Value depends on a provider service profile used for connection","description_kind":"plain","optional":true,"computed":true},"device_interface_id":{"type":"number","description":"Identifier of network interface on a given device, used for a connection. If not specified then first available interface will be selected","description_kind":"plain","optional":true},"device_uuid":{"type":"string","description":"Unique identifier of the Network Edge virtual device from which the connection would originate","description_kind":"plain","optional":true},"id":{"type":"string","description_kind":"plain","optional":true,"computed":true},"name":{"type":"string","description":"Connection name. An alpha-numeric 24 characters string which can include only hyphens and underscores","description_kind":"plain","required":true},"named_tag":{"type":"string","description":"The type of peering to set up in case when connecting to Azure Express Route. One of Public, Private, Microsoft, Manual","description_kind":"plain","optional":true},"notifications":{"type":["set","string"],"description":"A list of email addresses used for sending connection update notifications","description_kind":"plain","required":true},"port_uuid":{"type":"string","description":"Unique identifier of the buyer's port from which the connection would originate","description_kind":"plain","optional":true},"profile_uuid":{"type":"string","description":"Unique identifier of the service provider's service profile","description_kind":"plain","optional":true,"computed":true},"provider_status":{"type":"string","description":"Connection provisioning status on service provider's side","description_kind":"plain","computed":true},"purchase_order_number":{"type":"string","description":"Connection's purchase order number to reflect on the invoice","description_kind":"plain","optional":true},"redundancy_type":{"type":"string","description":"Connection redundancy type, applicable for HA connections. Either primary or secondary","description_kind":"plain","computed":true},"redundant_uuid":{"type":"string","description":"Unique identifier of the redundant connection, applicable for HA connections","description_kind":"plain","computed":true},"seller_metro_code":{"type":"string","description":"The metro code that denotes the connection’s remote side (z-side)","description_kind":"plain","optional":true,"computed":true},"seller_region":{"type":"string","description":"The region in which the seller port resides","description_kind":"plain","optional":true},"speed":{"type":"number","description":"Speed/Bandwidth to be allocated to the connection","description_kind":"plain","required":true},"speed_unit":{"type":"string","description":"Unit of the speed/bandwidth to be allocated to the connection","description_kind":"plain","required":true},"status":{"type":"string","description":"Connection provisioning status on Equinix Fabric side","description_kind":"plain","computed":true},"uuid":{"type":"string","description":"Unique identifier of the connection","description_kind":"plain","computed":true},"vlan_ctag":{"type":"number","description":"C-Tag/Inner-Tag of the connection, a numeric character ranging from 2 - 4094","description_kind":"plain","optional":true},"vlan_stag":{"type":"number","description":"S-Tag/Outer-Tag of the connection, a numeric character ranging from 2 - 4094","description_kind":"plain","optional":true,"computed":true},"zside_port_uuid":{"type":"string","description":"Unique identifier of the port on the remote side (z-side)","description_kind":"plain","optional":true,"computed":true},"zside_vlan_ctag":{"type":"number","description":"C-Tag/Inner-Tag of the connection on the remote side (z-side)","description_kind":"plain","optional":true,"computed":true},"zside_vlan_stag":{"type":"number","description":"S-Tag/Outer-Tag of the connection on the remote side (z-side)","description_kind":"plain","optional":true,"computed":true}},"block_types":{"additional_info":{"nesting_mode":"set","block":{"attributes":{"name":{"type":"string","description":"Additional information key","description_kind":"plain","required":true},"value":{"type":"string","description":"Additional information value","description_kind":"plain","required":true}},"description":"One or more additional information key-value objects","description_kind":"plain"}},"secondary_connection":{"nesting_mode":"list","block":{"attributes":{"authorization_key":{"type":"string","description":"Text field used to authorize connection on the provider side. Value depends on a provider service profile used for connection","description_kind":"plain","optional":true,"computed":true},"device_interface_id":{"type":"number","description":"Identifier of network interface on a given device, used for a connection. If not specified then first available interface will be selected","description_kind":"plain","optional":true,"computed":true},"device_uuid":{"type":"string","description":"Unique identifier of the Network Edge virtual device from which the connection would originate","description_kind":"plain","optional":true},"name":{"type":"string","description":"Connection name. An alpha-numeric 24 characters string which can include only hyphens and underscores","description_kind":"plain","required":true},"port_uuid":{"type":"string","description":"Unique identifier of the buyer's port from which the connection would originate","description_kind":"plain","optional":true},"profile_uuid":{"type":"string","description":"Unique identifier of the service provider's service profile","description_kind":"plain","optional":true,"computed":true},"provider_status":{"type":"string","description":"Connection provisioning status on service provider's side","description_kind":"plain","computed":true},"redundancy_type":{"type":"string","description":"Connection redundancy type, applicable for HA connections. Either primary or secondary","description_kind":"plain","computed":true},"redundant_uuid":{"type":"string","description":"Unique identifier of the redundant connection, applicable for HA connections","description_kind":"plain","computed":true},"seller_metro_code":{"type":"string","description":"The metro code that denotes the connection’s remote side (z-side)","description_kind":"plain","optional":true,"computed":true},"seller_region":{"type":"string","description":"The region in which the seller port resides","description_kind":"plain","optional":true,"computed":true},"speed":{"type":"number","description":"Speed/Bandwidth to be allocated to the connection","description_kind":"plain","optional":true,"computed":true},"speed_unit":{"type":"string","description":"Unit of the speed/bandwidth to be allocated to the connection","description_kind":"plain","optional":true,"computed":true},"status":{"type":"string","description":"Connection provisioning status on Equinix Fabric side","description_kind":"plain","computed":true},"uuid":{"type":"string","description":"Unique identifier of the connection","description_kind":"plain","computed":true},"vlan_ctag":{"type":"number","description":"C-Tag/Inner-Tag of the connection, a numeric character ranging from 2 - 4094","description_kind":"plain","optional":true},"vlan_stag":{"type":"number","description":"S-Tag/Outer-Tag of the connection, a numeric character ranging from 2 - 4094","description_kind":"plain","optional":true,"computed":true},"zside_port_uuid":{"type":"string","description":"Unique identifier of the port on the remote side (z-side)","description_kind":"plain","computed":true},"zside_vlan_ctag":{"type":"number","description":"C-Tag/Inner-Tag of the connection on the remote side (z-side)","description_kind":"plain","computed":true},"zside_vlan_stag":{"type":"number","description":"S-Tag/Outer-Tag of the connection on the remote side (z-side)","description_kind":"plain","computed":true}},"description":"Definition of secondary connection for redundant, HA connectivity","description_kind":"plain"},"max_items":1},"timeouts":{"nesting_mode":"single","block":{"attributes":{"create":{"type":"string","description_kind":"plain","optional":true},"delete":{"type":"string","description_kind":"plain","optional":true}},"description_kind":"plain"}}},"description":"Resource allows creation and management of Equinix Fabric\tlayer 2 connections","description_kind":"plain"}},"equinix_ecx_l2_connection_accepter":{"version":0,"block":{"attributes":{"access_key":{"type":"string","description":"Access Key used to accept connection on provider side","description_kind":"plain","optional":true,"computed":true,"sensitive":true},"aws_connection_id":{"type":"string","description":"Identifier of a hosted Direct Connect connection on AWS side, applicable for accepter resource with connections to AWS only","description_kind":"plain","computed":true},"aws_profile":{"type":"string","description":"AWS Profile Name for retrieving credentials from shared credentials file","description_kind":"plain","optional":true},"connection_id":{"type":"string","description":"Identifier of layer 2 connection that will be accepted","description_kind":"plain","required":true},"id":{"type":"string","description_kind":"plain","optional":true,"computed":true},"secret_key":{"type":"string","description":"Secret Key used to accept connection on provider side","description_kind":"plain","optional":true,"computed":true,"sensitive":true}},"block_types":{"timeouts":{"nesting_mode":"single","block":{"attributes":{"create":{"type":"string","description_kind":"plain","optional":true}},"description_kind":"plain"}}},"description":"Resource is used to accept Equinix Fabric layer 2 connection on provider side","description_kind":"plain"}},"equinix_ecx_l2_serviceprofile":{"version":0,"block":{"attributes":{"api_integration":{"type":"bool","description":"Specifies the API integration ID that was provided to the customer during onboarding","description_kind":"plain","optional":true},"authkey_label":{"type":"string","description":"Name of the authentication key label to be used by the Authentication Key service","description_kind":"plain","optional":true},"bandwidth_alert_threshold":{"type":"number","description":"Specifies the port bandwidth threshold percentage. If the bandwidth limit is met or exceeded, an alert is sent to the seller","description_kind":"plain","optional":true},"bandwidth_threshold_notifications":{"type":["set","string"],"description":"A list of email addresses that will receive notifications about bandwidth thresholds","description_kind":"plain","required":true},"connection_name_label":{"type":"string","description":"Custom name used for calling a connections i.e. circuit. Defaults to Connection","description_kind":"plain","optional":true},"ctag_label":{"type":"string","description":"C-Tag/Inner-Tag label name for the connections","description_kind":"plain","optional":true},"description":{"type":"string","description":"Description of the service profile","description_kind":"plain","optional":true},"equinix_managed_port_vlan":{"type":"bool","description":"Boolean value that indicates whether the port and VLAN details are managed by Equinix","description_kind":"plain","optional":true},"id":{"type":"string","description_kind":"plain","optional":true,"computed":true},"integration_id":{"type":"string","description":"Specifies the API integration ID that was provided to the customer during onboarding","description_kind":"plain","optional":true},"name":{"type":"string","description":"Name of the service profile. An alpha-numeric 50 characters string which can include only hyphens and underscores","description_kind":"plain","required":true},"oversubscription":{"type":"string","description":"Oversubscription limit that will cause alerting. Default is 1x","description_kind":"plain","optional":true},"oversubscription_allowed":{"type":"bool","description":"Boolean value that determines if, regardless of the utilization, Equinix Fabric will continue to add connections to your links until we reach the oversubscription limit","description_kind":"plain","optional":true},"private":{"type":"bool","description":"Boolean value that indicates whether or not this is a private profile.","description_kind":"plain","optional":true},"private_user_emails":{"type":["set","string"],"description":"A list of email addresses associated to users that will be allowed to access this service profile. Applicable for private profiles","description_kind":"plain","optional":true},"profile_statuschange_notifications":{"type":["set","string"],"description":"A list of email addresses that will receive notifications about profile status changes","description_kind":"plain","required":true},"redundancy_required":{"type":"bool","description":"Boolean value that determines if yourconnections will require redundancy","description_kind":"plain","optional":true},"secondary_vlan_from_primary":{"type":"bool","description":"Indicates whether the VLAN ID of the secondary connection is the same as the primary connection","description_kind":"plain","optional":true},"servicekey_autogenerated":{"type":"bool","description":"Boolean value that indicates whether multiple connections can be created with the same authorization key","description_kind":"plain","optional":true},"speed_customization_allowed":{"type":"bool","description":"Boolean value that determines if customer is allowed to enter a custom connection speed","description_kind":"plain","optional":true},"speed_from_api":{"type":"bool","description":"Boolean valuta that determines if connection speed will be derived from an API call","description_kind":"plain","optional":true},"state":{"type":"string","description":"Service profile provisioning status","description_kind":"plain","computed":true},"tag_type":{"type":"string","description":"Specifies additional tagging information required by the seller profile for Dot1Q to QinQ translation","description_kind":"plain","optional":true},"uuid":{"type":"string","description":"Unique identifier of the service profile","description_kind":"plain","computed":true},"vc_statuschange_notifications":{"type":["set","string"],"description":"A list of email addresses that will receive notifications about connections approvals and rejections","description_kind":"plain","required":true}},"block_types":{"features":{"nesting_mode":"set","block":{"attributes":{"allow_remote_connections":{"type":"bool","description":"Indicates whether or not connections to this profile can be created from remote metro locations","description_kind":"plain","required":true},"test_profile":{"type":"bool","description":"Indicates whether or not this profile can be used for test connections","description_kind":"plain","required":true}},"description":"Block of profile features configuration","description_kind":"plain"},"min_items":1,"max_items":1},"port":{"nesting_mode":"set","block":{"attributes":{"metro_code":{"type":"string","description":"Port location metro code","description_kind":"plain","required":true},"uuid":{"type":"string","description":"Unique identifier of the port","description_kind":"plain","required":true}},"description":"One or more definitions of ports associated with the profile","description_kind":"plain"},"min_items":1},"speed_band":{"nesting_mode":"set","block":{"attributes":{"speed":{"type":"number","description":"Speed/bandwidth supported by given service profile","description_kind":"plain","required":true},"speed_unit":{"type":"string","description":"Unit of the speed/bandwidth supported by given service profile","description_kind":"plain","required":true}},"description":"One or more definitions of supported speed/bandwidth configurations","description_kind":"plain"}}},"description_kind":"plain"}},"equinix_network_acl_template":{"version":0,"block":{"attributes":{"description":{"type":"string","description":"ACL template description","description_kind":"plain","optional":true},"device_acl_status":{"type":"string","description":"Status of ACL template provisioning process on a device, where template was applied","description_kind":"plain","computed":true},"device_id":{"type":"string","description":"Identifier of a network device where template was applied","description_kind":"plain","computed":true},"id":{"type":"string","description_kind":"plain","optional":true,"computed":true},"metro_code":{"type":"string","description":"ACL template location metro code","description_kind":"plain","required":true},"name":{"type":"string","description":"ACL template name","description_kind":"plain","required":true},"uuid":{"type":"string","description":"Unique identifier of ACL template resource","description_kind":"plain","computed":true}},"block_types":{"inbound_rule":{"nesting_mode":"list","block":{"attributes":{"dst_port":{"type":"string","description":"Inbound traffic destination ports. Either up to 10, comma separated ports or port range or any word","description_kind":"plain","required":true},"protocol":{"type":"string","description":"Inbound traffic protocol. One of: `IP`, `TCP`, `UDP`","description_kind":"plain","required":true},"sequence_number":{"type":"number","description":"Inbound rule sequence number","description_kind":"plain","computed":true},"source_type":{"type":"string","description":"Type of traffic source used in a given innbound rule","description_kind":"plain","computed":true},"src_port":{"type":"string","description":"Inbound traffic source ports. Either up to 10, comma separated ports or port range or any word","description_kind":"plain","required":true},"subnets":{"type":["list","string"],"description":"Inbound traffic source IP subnets in CIDR format","description_kind":"plain","required":true}},"description":"One or more rules to specify allowed inbound traffic. Rules are ordered, matching traffic rule stops processing subsequent ones.","description_kind":"plain"},"min_items":1}},"description":"Resource allows creation and management of Equinix Network Edge device Access Control List templates","description_kind":"plain"}},"equinix_network_bgp":{"version":0,"block":{"attributes":{"authentication_key":{"type":"string","description":"Shared key used for BGP peer authentication","description_kind":"plain","optional":true,"sensitive":true},"connection_id":{"type":"string","description":"Identifier of a connection established between network device and remote service provider that will be used for peering","description_kind":"plain","required":true},"device_id":{"type":"string","description":"Unique identifier of a network device that is a local peer in a given BGP peering configuration","description_kind":"plain","computed":true},"id":{"type":"string","description_kind":"plain","optional":true,"computed":true},"local_asn":{"type":"number","description":"Local ASN number","description_kind":"plain","required":true},"local_ip_address":{"type":"string","description":"IP address in CIDR format of a local device","description_kind":"plain","required":true},"provisioning_status":{"type":"string","description":"BGP peering configuration provisioning status","description_kind":"plain","computed":true},"remote_asn":{"type":"number","description":"Remote ASN number","description_kind":"plain","required":true},"remote_ip_address":{"type":"string","description":"IP address of remote peer","description_kind":"plain","required":true},"state":{"type":"string","description":"BGP peer state","description_kind":"plain","computed":true},"uuid":{"type":"string","description":"BGP peering configuration unique identifier","description_kind":"plain","computed":true}},"block_types":{"timeouts":{"nesting_mode":"single","block":{"attributes":{"create":{"type":"string","description_kind":"plain","optional":true}},"description_kind":"plain"}}},"description":"Resource allows creation and management of Equinix Network Edge BGP peering configurations","description_kind":"plain"}},"equinix_network_device":{"version":0,"block":{"attributes":{"account_number":{"type":"string","description":"Device billing account number","description_kind":"plain","required":true},"acl_template_id":{"type":"string","description":"Unique identifier of applied ACL template","description_kind":"plain","optional":true},"additional_bandwidth":{"type":"number","description":"Additional Internet bandwidth, in Mbps, that will be allocated to the device","description_kind":"plain","optional":true},"asn":{"type":"number","description":"Autonomous system number","description_kind":"plain","computed":true},"byol":{"type":"bool","description":"Boolean value that determines device licensing mode: bring your own license or subscription (default)","description_kind":"plain","optional":true},"core_count":{"type":"number","description":"Number of CPU cores used by device","description_kind":"plain","required":true},"hostname":{"type":"string","description":"Device hostname prefix","description_kind":"plain","optional":true},"ibx":{"type":"string","description":"Device location Equinix Business Exchange name","description_kind":"plain","computed":true},"id":{"type":"string","description_kind":"plain","optional":true,"computed":true},"interface":{"type":["list",["object",{"assigned_type":"string","id":"number","ip_address":"string","mac_address":"string","name":"string","operational_status":"string","status":"string","type":"string"}]],"description":"List of device interfaces","description_kind":"plain","computed":true},"interface_count":{"type":"number","description":"Number of network interfaces on a device. If not specified, default number for a given device type will be used","description_kind":"plain","optional":true,"computed":true},"license_file":{"type":"string","description":"Path to the license file that will be uploaded and applied on a device, applicable for some device types in BYOL licensing mode","description_kind":"plain","optional":true},"license_file_id":{"type":"string","description":"Unique identifier of applied license file","description_kind":"plain","computed":true},"license_status":{"type":"string","description":"Device license registration status","description_kind":"plain","computed":true},"license_token":{"type":"string","description":"License Token applicable for some device types in BYOL licensing mode","description_kind":"plain","optional":true},"metro_code":{"type":"string","description":"Device location metro code","description_kind":"plain","required":true},"name":{"type":"string","description":"Device name","description_kind":"plain","required":true},"notifications":{"type":["set","string"],"description":"List of email addresses that will receive device status notifications","description_kind":"plain","required":true},"order_reference":{"type":"string","description":"Name/number used to identify device order on the invoice","description_kind":"plain","optional":true},"package_code":{"type":"string","description":"Device software package code","description_kind":"plain","required":true},"purchase_order_number":{"type":"string","description":"Purchase order number associated with a device order","description_kind":"plain","optional":true},"redundancy_type":{"type":"string","description":"Device redundancy type applicable for HA devices, either primary or secondary","description_kind":"plain","computed":true},"redundant_id":{"type":"string","description":"Unique identifier for a redundant device, applicable for HA device","description_kind":"plain","computed":true},"region":{"type":"string","description":"Device location region","description_kind":"plain","computed":true},"self_managed":{"type":"bool","description":"Boolean value that determines device management mode: self-managed or subscription (default)","description_kind":"plain","optional":true},"ssh_ip_address":{"type":"string","description":"IP address of SSH enabled interface on the device","description_kind":"plain","computed":true},"ssh_ip_fqdn":{"type":"string","description":"FQDN of SSH enabled interface on the device","description_kind":"plain","computed":true},"status":{"type":"string","description":"Device provisioning status","description_kind":"plain","computed":true},"term_length":{"type":"number","description":"Device term length","description_kind":"plain","required":true},"throughput":{"type":"number","description":"Device license throughput","description_kind":"plain","optional":true},"throughput_unit":{"type":"string","description":"Device license throughput unit (Mbps or Gbps)","description_kind":"plain","optional":true},"type_code":{"type":"string","description":"Device type code","description_kind":"plain","required":true},"uuid":{"type":"string","description":"Device unique identifier","description_kind":"plain","computed":true},"vendor_configuration":{"type":["map","string"],"description":"Map of vendor specific configuration parameters for a device","description_kind":"plain","optional":true},"version":{"type":"string","description":"Device software software version","description_kind":"plain","required":true},"wan_interface_id":{"type":"string","description":"device interface id picked for WAN","description_kind":"plain","optional":true},"zone_code":{"type":"string","description":"Device location zone code","description_kind":"plain","computed":true}},"block_types":{"secondary_device":{"nesting_mode":"list","block":{"attributes":{"account_number":{"type":"string","description":"Device billing account number","description_kind":"plain","required":true},"acl_template_id":{"type":"string","description":"Unique identifier of applied ACL template","description_kind":"plain","optional":true},"additional_bandwidth":{"type":"number","description":"Additional Internet bandwidth, in Mbps, that will be allocated to the device","description_kind":"plain","optional":true},"asn":{"type":"number","description":"Autonomous system number","description_kind":"plain","computed":true},"hostname":{"type":"string","description":"Device hostname prefix","description_kind":"plain","optional":true},"ibx":{"type":"string","description":"Device location Equinix Business Exchange name","description_kind":"plain","computed":true},"interface":{"type":["list",["object",{"assigned_type":"string","id":"number","ip_address":"string","mac_address":"string","name":"string","operational_status":"string","status":"string","type":"string"}]],"description":"List of device interfaces","description_kind":"plain","computed":true},"license_file":{"type":"string","description":"Path to the license file that will be uploaded and applied on a device, applicable for some device types in BYOL licensing mode","description_kind":"plain","optional":true},"license_file_id":{"type":"string","description":"Unique identifier of applied license file","description_kind":"plain","computed":true},"license_status":{"type":"string","description":"Device license registration status","description_kind":"plain","computed":true},"license_token":{"type":"string","description":"License Token applicable for some device types in BYOL licensing mode","description_kind":"plain","optional":true},"metro_code":{"type":"string","description":"Device location metro code","description_kind":"plain","required":true},"name":{"type":"string","description":"Device name","description_kind":"plain","required":true},"notifications":{"type":["set","string"],"description":"List of email addresses that will receive device status notifications","description_kind":"plain","required":true},"redundancy_type":{"type":"string","description":"Device redundancy type applicable for HA devices, either primary or secondary","description_kind":"plain","computed":true},"redundant_id":{"type":"string","description":"Unique identifier for a redundant device, applicable for HA device","description_kind":"plain","computed":true},"region":{"type":"string","description":"Device location region","description_kind":"plain","computed":true},"ssh_ip_address":{"type":"string","description":"IP address of SSH enabled interface on the device","description_kind":"plain","computed":true},"ssh_ip_fqdn":{"type":"string","description":"FQDN of SSH enabled interface on the device","description_kind":"plain","computed":true},"status":{"type":"string","description":"Device provisioning status","description_kind":"plain","computed":true},"uuid":{"type":"string","description":"Device unique identifier","description_kind":"plain","computed":true},"vendor_configuration":{"type":["map","string"],"description":"Map of vendor specific configuration parameters for a device","description_kind":"plain","optional":true},"wan_interface_id":{"type":"string","description":"device interface id picked for WAN","description_kind":"plain","optional":true},"zone_code":{"type":"string","description":"Device location zone code","description_kind":"plain","computed":true}},"block_types":{"ssh_key":{"nesting_mode":"set","block":{"attributes":{"key_name":{"type":"string","description":"Reference by name to previously provisioned public SSH key","description_kind":"plain","required":true},"username":{"type":"string","description":"Username associated with given key","description_kind":"plain","required":true}},"description":"Definition of SSH key that will be provisioned on a device","description_kind":"plain"},"max_items":1}},"description":"Definition of secondary device applicable for HA setup","description_kind":"plain"},"max_items":1},"ssh_key":{"nesting_mode":"set","block":{"attributes":{"key_name":{"type":"string","description":"Reference by name to previously provisioned public SSH key","description_kind":"plain","required":true},"username":{"type":"string","description":"Username associated with given key","description_kind":"plain","required":true}},"description":"Definition of SSH key that will be provisioned on a device","description_kind":"plain"},"max_items":1},"timeouts":{"nesting_mode":"single","block":{"attributes":{"create":{"type":"string","description_kind":"plain","optional":true},"delete":{"type":"string","description_kind":"plain","optional":true},"update":{"type":"string","description_kind":"plain","optional":true}},"description_kind":"plain"}}},"description":"Resource allows creation and management of Equinix Network Edge virtual devices","description_kind":"plain"}},"equinix_network_device_link":{"version":0,"block":{"attributes":{"id":{"type":"string","description_kind":"plain","optional":true,"computed":true},"name":{"type":"string","description":"name","description_kind":"plain","required":true},"status":{"type":"string","description":"Device link provisioning status","description_kind":"plain","computed":true},"subnet":{"type":"string","description":"subnet","description_kind":"plain","required":true},"uuid":{"type":"string","description":"Device link unique identifier","description_kind":"plain","computed":true}},"block_types":{"device":{"nesting_mode":"set","block":{"attributes":{"asn":{"type":"number","description":"Device ASN number","description_kind":"plain","required":true},"id":{"type":"string","description":"Device identifier","description_kind":"plain","required":true},"interface_id":{"type":"number","description":"Device network interface identifier to use for device link connection","description_kind":"plain","optional":true},"ip_address":{"type":"string","description":"Assigned IP address from device link subnet","description_kind":"plain","computed":true},"status":{"type":"string","description":"Device link connection provisioning status","description_kind":"plain","computed":true}},"description_kind":"plain"},"min_items":2},"link":{"nesting_mode":"set","block":{"attributes":{"account_number":{"type":"string","description":"Billing account number to be used for connection charges","description_kind":"plain","required":true},"dst_metro_code":{"type":"string","description":"Connection destination metro code","description_kind":"plain","required":true},"dst_zone_code":{"type":"string","description":"Connection destination zone code","description_kind":"plain","required":true},"src_metro_code":{"type":"string","description":"Connection source metro code","description_kind":"plain","required":true},"src_zone_code":{"type":"string","description":"Connection source zone code","description_kind":"plain","required":true},"throughput":{"type":"string","description":"Connection throughput","description_kind":"plain","required":true},"throughput_unit":{"type":"string","description":"Connection throughput unit","description_kind":"plain","required":true}},"description":"link","description_kind":"plain"}},"timeouts":{"nesting_mode":"single","block":{"attributes":{"create":{"type":"string","description_kind":"plain","optional":true},"delete":{"type":"string","description_kind":"plain","optional":true}},"description_kind":"plain"}}},"description":"Resource allows creation and management of Equinix Network Edge device links","description_kind":"plain"}},"equinix_network_ssh_key":{"version":0,"block":{"attributes":{"id":{"type":"string","description_kind":"plain","optional":true,"computed":true},"name":{"type":"string","description":"The name of SSH key used for identification","description_kind":"plain","required":true},"public_key":{"type":"string","description":"The SSH public key. If this is a file, it can be read using the file interpolation function","description_kind":"plain","required":true},"uuid":{"type":"string","description":"The unique identifier of the key","description_kind":"plain","computed":true}},"block_types":{"timeouts":{"nesting_mode":"single","block":{"attributes":{"create":{"type":"string","description_kind":"plain","optional":true}},"description_kind":"plain"}}},"description":"Resource allows creation and management of Equinix Network Edge SSH keys","description_kind":"plain"}},"equinix_network_ssh_user":{"version":0,"block":{"attributes":{"device_ids":{"type":["set","string"],"description":"list of device identifiers to which user will have access","description_kind":"plain","required":true},"id":{"type":"string","description_kind":"plain","optional":true,"computed":true},"password":{"type":"string","description":"SSH user password","description_kind":"plain","required":true,"sensitive":true},"username":{"type":"string","description":"SSH user login name","description_kind":"plain","required":true},"uuid":{"type":"string","description":"SSH user unique identifier","description_kind":"plain","computed":true}},"description":"Resource allows creation and management of Equinix Network Edge SSH users","description_kind":"plain"}}},"data_source_schemas":{"equinix_ecx_l2_sellerprofile":{"version":0,"block":{"attributes":{"additional_info":{"type":["set",["object",{"captured_in_email":"bool","data_type":"string","description":"string","mandatory":"bool","name":"string"}]],"description":"One or more specifications of additional buyer information attributes that can be provided in connection definition that uses given seller profile","description_kind":"plain","computed":true},"description":{"type":"string","description":"Seller Profile text description","description_kind":"plain","computed":true},"encapsulation":{"type":"string","description":"Seller profile's encapsulation (either Dot1q or QinQ)","description_kind":"plain","computed":true},"id":{"type":"string","description_kind":"plain","optional":true,"computed":true},"metro":{"type":["set",["object",{"code":"string","ibxes":["set","string"],"name":"string","regions":["map","string"]}]],"description":"One or more specifications of metro locations supported by seller profile","description_kind":"plain","computed":true},"name":{"type":"string","description":"Name of the seller profile","description_kind":"plain","optional":true,"computed":true},"organization_global_name":{"type":"string","description":"Name of seller's global organization","description_kind":"plain","optional":true,"computed":true},"organization_name":{"type":"string","description":"Name of seller's organization","description_kind":"plain","optional":true,"computed":true},"redundancy_required":{"type":"bool","description":"Boolean that indicate if seller requires connections to be redundant","description_kind":"plain","computed":true},"speed_band":{"type":["set",["object",{"speed":"number","speed_unit":"string"}]],"description":"One or more specifications of speed/bandwidth supported by given seller profile","description_kind":"plain","computed":true},"speed_customization_allowed":{"type":"bool","description":"Boolean that indicates if seller allows customer to enter a custom connection speed","description_kind":"plain","computed":true},"speed_from_api":{"type":"bool","description":"Boolean that indicates if seller is deriving connection speed from an API call","description_kind":"plain","computed":true},"uuid":{"type":"string","description":"Unique identifier of the seller profile","description_kind":"plain","computed":true}},"description":"Use this data source to get details of Equinix Fabric layer 2\tseller profile with a given name and / or organization","description_kind":"plain"}},"equinix_ecx_l2_sellerprofiles":{"version":0,"block":{"attributes":{"id":{"type":"string","description_kind":"plain","optional":true,"computed":true},"metro_codes":{"type":["set","string"],"description":"List of metro codes of locations that should be served by resulting profiles","description_kind":"plain","optional":true},"name_regex":{"type":"string","description":"A regex string to apply on returned seller profile names and filter search results","description_kind":"plain","optional":true},"organization_global_name":{"type":"string","description":"Name of seller's global organization","description_kind":"plain","optional":true},"organization_name":{"type":"string","description":"Name of seller's organization","description_kind":"plain","optional":true},"profiles":{"type":["list",["object",{"additional_info":["set",["object",{"captured_in_email":"bool","data_type":"string","description":"string","mandatory":"bool","name":"string"}]],"description":"string","encapsulation":"string","metro":["set",["object",{"code":"string","ibxes":["set","string"],"name":"string","regions":["map","string"]}]],"name":"string","organization_global_name":"string","organization_name":"string","redundancy_required":"bool","speed_band":["set",["object",{"speed":"number","speed_unit":"string"}]],"speed_customization_allowed":"bool","speed_from_api":"bool","uuid":"string"}]],"description":"Resulting list of profiles that match filtering criteria","description_kind":"plain","computed":true},"speed_bands":{"type":["set","string"],"description":"List of speed bands that should be supported by resulting profiles","description_kind":"plain","optional":true}},"description":"Use this data source to get list of Equinix Fabric layer 2 seller profiles","description_kind":"plain"}},"equinix_ecx_port":{"version":0,"block":{"attributes":{"bandwidth":{"type":"string","description":"Port Bandwidth in bytes","description_kind":"plain","computed":true},"buyout":{"type":"bool","description":"Boolean value that indicates whether the port supports unlimited connections.","description_kind":"plain","computed":true},"encapsulation":{"type":"string","description":"The VLAN encapsulation of the port (Dot1q or QinQ)","description_kind":"plain","computed":true},"ibx":{"type":"string","description":"Port location Equinix Business Exchange (IBX)","description_kind":"plain","computed":true},"id":{"type":"string","description_kind":"plain","optional":true,"computed":true},"metro_code":{"type":"string","description":"Port location metro code","description_kind":"plain","computed":true},"name":{"type":"string","description":"Name of the port","description_kind":"plain","required":true},"priority":{"type":"string","description":"The priority of the device (primary / secondary) where the port resides","description_kind":"plain","computed":true},"region":{"type":"string","description":"Port location region","description_kind":"plain","computed":true},"status":{"type":"string","description":"Port status that indicates whether a port has been assigned or is ready for connection","description_kind":"plain","computed":true},"uuid":{"type":"string","description":"Unique identifier of the por","description_kind":"plain","computed":true}},"description":"Use this data source to get details of Equinix Fabric port with a given name","description_kind":"plain"}},"equinix_network_account":{"version":0,"block":{"attributes":{"id":{"type":"string","description_kind":"plain","optional":true,"computed":true},"metro_code":{"type":"string","description":"Account location metro cod","description_kind":"plain","required":true},"name":{"type":"string","description":"Account name for filtering","description_kind":"plain","optional":true,"computed":true},"number":{"type":"string","description":"Account unique number","description_kind":"plain","computed":true},"status":{"type":"string","description":"Account status for filtering. Possible values are Active, Processing, Submitted, Staged","description_kind":"plain","optional":true,"computed":true},"ucm_id":{"type":"string","description":"Account unique identifier","description_kind":"plain","computed":true}},"description":"Use this data source to get number and identifier of Equinix Network Edge billing account in a given metro location","description_kind":"plain"}},"equinix_network_device_platform":{"version":0,"block":{"attributes":{"core_count":{"type":"number","description":"Number of CPU cores used to limit platform search results","description_kind":"plain","optional":true,"computed":true},"device_type":{"type":"string","description":"Device type code","description_kind":"plain","required":true},"flavor":{"type":"string","description":"Device platform flavor that determines number of CPU cores and memory. Supported values: small, medium, large, xlarge","description_kind":"plain","optional":true,"computed":true},"id":{"type":"string","description_kind":"plain","optional":true,"computed":true},"license_options":{"type":["set","string"],"description":"List of device licensing options to limit platform search result. Supported values: BYOL (Bring Your Own License), Sub (license subscription)","description_kind":"plain","optional":true,"computed":true},"management_types":{"type":["set","string"],"description":"List of device management types to limit platform search results. Supported values: EQUINIX-CONFIGURED, SELF-CONFIGURED","description_kind":"plain","optional":true,"computed":true},"memory":{"type":"number","description":"The amount of memory provided by device platform","description_kind":"plain","computed":true},"memory_unit":{"type":"string","description":"Unit of memory provider by device platform","description_kind":"plain","computed":true},"packages":{"type":["set","string"],"description":"List of software package codes to limit platform search results","description_kind":"plain","optional":true,"computed":true}},"description":"Use this data source to get Equinix Network Edge device platform configuration details for a given device type","description_kind":"plain"}},"equinix_network_device_software":{"version":0,"block":{"attributes":{"date":{"type":"string","description":"Version release date","description_kind":"plain","computed":true},"device_type":{"type":"string","description":"Code of a device type","description_kind":"plain","required":true},"id":{"type":"string","description_kind":"plain","optional":true,"computed":true},"image_name":{"type":"string","description":"Software image name","description_kind":"plain","computed":true},"most_recent":{"type":"bool","description":"Boolean value to indicate that most recent version should be used, in case when more than one result is returned","description_kind":"plain","optional":true},"packages":{"type":["set","string"],"description":"Limits returned versions to those that are supported by given software package codes","description_kind":"plain","optional":true,"computed":true},"release_notes_link":{"type":"string","description":"Link to version release notes","description_kind":"plain","computed":true},"stable":{"type":"bool","description":"Boolean value to limit query results to stable versions only","description_kind":"plain","optional":true,"computed":true},"status":{"type":"string","description":"Version status","description_kind":"plain","computed":true},"version":{"type":"string","description":"Software version","description_kind":"plain","computed":true},"version_regex":{"type":"string","description":"A regex string to apply on returned versions and filter search results","description_kind":"plain","optional":true}},"description":"Use this data source to get Equinix Network Edge device software details for a given device type.","description_kind":"plain"}},"equinix_network_device_type":{"version":0,"block":{"attributes":{"category":{"type":"string","description":"Device type category, one of: Router, Firewall, SDWAN","description_kind":"plain","optional":true,"computed":true},"code":{"type":"string","description":"Device type short code, unique identifier of a network device type","description_kind":"plain","computed":true},"description":{"type":"string","description":"Device type textual description","description_kind":"plain","computed":true},"id":{"type":"string","description_kind":"plain","optional":true,"computed":true},"metro_codes":{"type":["set","string"],"description":"List of metro codes where device type has to be available","description_kind":"plain","optional":true,"computed":true},"name":{"type":"string","description":"Device type name","description_kind":"plain","optional":true,"computed":true},"vendor":{"type":"string","description":"Device type vendor i.e. Cisco, Juniper Networks, VERSA Networks","description_kind":"plain","optional":true,"computed":true}},"description":"Use this data source to get Equinix Network Edge device type details","description_kind":"plain"}}}}}}
