{"format_version":"0.2","provider_schemas":{"registry.terraform.io/fivetran/fivetran":{"provider":{"version":0,"block":{"attributes":{"api_key":{"type":"string","description_kind":"plain","required":true},"api_secret":{"type":"string","description_kind":"plain","required":true,"sensitive":true}},"description_kind":"plain"}},"resource_schemas":{"fivetran_connector":{"version":0,"block":{"attributes":{"connected_by":{"type":"string","description_kind":"plain","computed":true},"created_at":{"type":"string","description_kind":"plain","computed":true},"failed_at":{"type":"string","description_kind":"plain","computed":true},"group_id":{"type":"string","description_kind":"plain","required":true},"id":{"type":"string","description_kind":"plain","computed":true},"last_updated":{"type":"string","description_kind":"plain","computed":true},"pause_after_trial":{"type":"string","description_kind":"plain","required":true},"paused":{"type":"string","description_kind":"plain","required":true},"run_setup_tests":{"type":"string","description_kind":"plain","optional":true},"schedule_type":{"type":"string","description_kind":"plain","computed":true},"schema":{"type":"string","description_kind":"plain","required":true},"service":{"type":"string","description_kind":"plain","required":true},"service_version":{"type":"string","description_kind":"plain","computed":true},"status":{"type":["list",["object",{"is_historical_sync":"string","setup_state":"string","sync_state":"string","tasks":["list",["object",{"code":"string","message":"string"}]],"update_state":"string","warnings":["list",["object",{"code":"string","message":"string"}]]}]],"description_kind":"plain","computed":true},"succeeded_at":{"type":"string","description_kind":"plain","computed":true},"sync_frequency":{"type":"string","description_kind":"plain","required":true},"trust_certificates":{"type":"string","description_kind":"plain","optional":true},"trust_fingerprints":{"type":"string","description_kind":"plain","optional":true}},"block_types":{"auth":{"nesting_mode":"list","block":{"attributes":{"access_token":{"type":"string","description_kind":"plain","optional":true,"sensitive":true},"realm_id":{"type":"string","description_kind":"plain","optional":true,"sensitive":true},"refresh_token":{"type":"string","description_kind":"plain","optional":true,"sensitive":true}},"block_types":{"client_access":{"nesting_mode":"list","block":{"attributes":{"client_id":{"type":"string","description_kind":"plain","optional":true},"client_secret":{"type":"string","description_kind":"plain","optional":true,"sensitive":true},"developer_token":{"type":"string","description_kind":"plain","optional":true,"sensitive":true},"user_agent":{"type":"string","description_kind":"plain","optional":true}},"description_kind":"plain"},"max_items":1}},"description_kind":"plain"},"max_items":1},"config":{"nesting_mode":"list","block":{"attributes":{"abs_connection_string":{"type":"string","description_kind":"plain","optional":true},"abs_container_name":{"type":"string","description_kind":"plain","optional":true},"access_key_id":{"type":"string","description_kind":"plain","optional":true},"access_token":{"type":"string","description_kind":"plain","optional":true},"account":{"type":"string","description_kind":"plain","optional":true},"account_id":{"type":"string","description_kind":"plain","optional":true},"account_ids":{"type":"string","description_kind":"plain","optional":true},"accounts":{"type":["list","string"],"description_kind":"plain","optional":true},"action_breakdowns":{"type":["list","string"],"description_kind":"plain","optional":true},"action_report_time":{"type":"string","description_kind":"plain","optional":true},"advertisables":{"type":["list","string"],"description_kind":"plain","optional":true},"advertisers":{"type":["list","string"],"description_kind":"plain","optional":true},"advertisers_id":{"type":["list","string"],"description_kind":"plain","optional":true},"aggregation":{"type":"string","description_kind":"plain","optional":true},"api_access_token":{"type":"string","description_kind":"plain","optional":true},"api_key":{"type":"string","description_kind":"plain","optional":true},"api_keys":{"type":"string","description_kind":"plain","optional":true},"api_quota":{"type":"string","description_kind":"plain","optional":true},"api_secret":{"type":"string","description_kind":"plain","optional":true},"api_token":{"type":"string","description_kind":"plain","optional":true},"api_url":{"type":"string","description_kind":"plain","optional":true},"api_version":{"type":"string","description_kind":"plain","optional":true},"app_sync_mode":{"type":"string","description_kind":"plain","optional":true},"append_file_option":{"type":"string","description_kind":"plain","optional":true},"apps":{"type":["list","string"],"description_kind":"plain","optional":true},"archive_pattern":{"type":"string","description_kind":"plain","optional":true},"auth_mode":{"type":"string","description_kind":"plain","optional":true},"auth_type":{"type":"string","description_kind":"plain","optional":true},"authorization_method":{"type":"string","description_kind":"plain","computed":true},"aws_region_code":{"type":"string","description_kind":"plain","optional":true},"breakdowns":{"type":["list","string"],"description_kind":"plain","optional":true},"bucket":{"type":"string","description_kind":"plain","optional":true},"bucket_name":{"type":"string","description_kind":"plain","optional":true},"bucket_service":{"type":"string","description_kind":"plain","optional":true},"certificate":{"type":"string","description_kind":"plain","optional":true},"click_attribution_window":{"type":"string","description_kind":"plain","optional":true},"client_id":{"type":"string","description_kind":"plain","optional":true},"client_secret":{"type":"string","description_kind":"plain","optional":true},"cloud_storage_type":{"type":"string","description_kind":"plain","optional":true},"columns":{"type":["list","string"],"description_kind":"plain","optional":true},"compression":{"type":"string","description_kind":"plain","optional":true},"config_method":{"type":"string","description_kind":"plain","optional":true},"config_type":{"type":"string","description_kind":"plain","optional":true},"connection_string":{"type":"string","description_kind":"plain","optional":true},"consumer_group":{"type":"string","description_kind":"plain","optional":true},"consumer_key":{"type":"string","description_kind":"plain","optional":true},"consumer_secret":{"type":"string","description_kind":"plain","optional":true},"container_name":{"type":"string","description_kind":"plain","optional":true},"conversion_report_time":{"type":"string","description_kind":"plain","optional":true},"conversion_window_size":{"type":"string","description_kind":"plain","optional":true},"customer_id":{"type":"string","description_kind":"plain","optional":true},"daily_api_call_limit":{"type":"string","description_kind":"plain","optional":true},"data_center":{"type":"string","description_kind":"plain","optional":true},"database":{"type":"string","description_kind":"plain","optional":true},"dataset_id":{"type":"string","description_kind":"plain","optional":true},"datasource":{"type":"string","description_kind":"plain","optional":true},"date_granularity":{"type":"string","description_kind":"plain","optional":true},"delimiter":{"type":"string","description_kind":"plain","optional":true},"dimension_attributes":{"type":["list","string"],"description_kind":"plain","optional":true},"dimensions":{"type":["list","string"],"description_kind":"plain","optional":true},"domain":{"type":"string","description_kind":"plain","optional":true},"domain_name":{"type":"string","description_kind":"plain","optional":true},"elements":{"type":["list","string"],"description_kind":"plain","optional":true},"email":{"type":"string","description_kind":"plain","optional":true},"enable_all_dimension_combinations":{"type":"string","description_kind":"plain","optional":true},"endpoint":{"type":"string","description_kind":"plain","optional":true},"engagement_attribution_window":{"type":"string","description_kind":"plain","optional":true},"escape_char":{"type":"string","description_kind":"plain","optional":true},"external_id":{"type":"string","description_kind":"plain","optional":true},"fields":{"type":["list","string"],"description_kind":"plain","optional":true},"file_type":{"type":"string","description_kind":"plain","optional":true},"finance_account_sync_mode":{"type":"string","description_kind":"plain","optional":true},"finance_accounts":{"type":["list","string"],"description_kind":"plain","optional":true},"ftp_host":{"type":"string","description_kind":"plain","optional":true},"ftp_password":{"type":"string","description_kind":"plain","optional":true},"ftp_port":{"type":"string","description_kind":"plain","optional":true},"ftp_user":{"type":"string","description_kind":"plain","optional":true},"function":{"type":"string","description_kind":"plain","optional":true},"function_app":{"type":"string","description_kind":"plain","optional":true},"function_key":{"type":"string","description_kind":"plain","optional":true},"function_name":{"type":"string","description_kind":"plain","optional":true},"function_trigger":{"type":"string","description_kind":"plain","optional":true},"gcs_bucket":{"type":"string","description_kind":"plain","optional":true},"gcs_folder":{"type":"string","description_kind":"plain","optional":true},"home_folder":{"type":"string","description_kind":"plain","optional":true},"host":{"type":"string","description_kind":"plain","optional":true},"hosts":{"type":["list","string"],"description_kind":"plain","optional":true},"identity":{"type":"string","description_kind":"plain","optional":true},"instance":{"type":"string","description_kind":"plain","optional":true},"integration_key":{"type":"string","description_kind":"plain","optional":true},"is_ftps":{"type":"string","description_kind":"plain","optional":true},"is_secure":{"type":"string","description_kind":"plain","optional":true},"key":{"type":"string","description_kind":"plain","optional":true},"last_synced_changes__utc_":{"type":"string","description_kind":"plain","computed":true},"latest_version":{"type":"string","description_kind":"plain","computed":true},"manager_accounts":{"type":["list","string"],"description_kind":"plain","optional":true},"merchant_id":{"type":"string","description_kind":"plain","optional":true},"message_type":{"type":"string","description_kind":"plain","optional":true},"metrics":{"type":["list","string"],"description_kind":"plain","optional":true},"named_range":{"type":"string","description_kind":"plain","optional":true},"network_code":{"type":"string","description_kind":"plain","optional":true},"null_sequence":{"type":"string","description_kind":"plain","optional":true},"oauth_token":{"type":"string","description_kind":"plain","optional":true},"oauth_token_secret":{"type":"string","description_kind":"plain","optional":true},"on_error":{"type":"string","description_kind":"plain","optional":true},"on_premise":{"type":"string","description_kind":"plain","optional":true},"organization_id":{"type":"string","description_kind":"plain","optional":true},"organizations":{"type":["list","string"],"description_kind":"plain","optional":true},"pages":{"type":["list","string"],"description_kind":"plain","optional":true},"password":{"type":"string","description_kind":"plain","optional":true},"path":{"type":"string","description_kind":"plain","optional":true},"pattern":{"type":"string","description_kind":"plain","optional":true},"pem_certificate":{"type":"string","description_kind":"plain","optional":true},"port":{"type":"string","description_kind":"plain","optional":true},"post_click_attribution_window_size":{"type":"string","description_kind":"plain","optional":true},"prebuilt_report":{"type":"string","description_kind":"plain","optional":true},"prefix":{"type":"string","description_kind":"plain","optional":true},"private_key":{"type":"string","description_kind":"plain","optional":true},"profiles":{"type":["list","string"],"description_kind":"plain","optional":true},"project_id":{"type":"string","description_kind":"plain","optional":true},"projects":{"type":["list","string"],"description_kind":"plain","optional":true},"public_key":{"type":"string","description_kind":"plain","optional":true},"query_id":{"type":"string","description_kind":"plain","optional":true},"region":{"type":"string","description_kind":"plain","optional":true},"replication_slot":{"type":"string","description_kind":"plain","optional":true},"report_configuration_ids":{"type":["list","string"],"description_kind":"plain","optional":true},"report_suites":{"type":["list","string"],"description_kind":"plain","optional":true},"report_type":{"type":"string","description_kind":"plain","optional":true},"report_url":{"type":"string","description_kind":"plain","optional":true},"repositories":{"type":["list","string"],"description_kind":"plain","optional":true},"resource_url":{"type":"string","description_kind":"plain","optional":true},"role":{"type":"string","description_kind":"plain","optional":true},"role_arn":{"type":"string","description_kind":"plain","optional":true},"s3bucket":{"type":"string","description_kind":"plain","optional":true},"s3external_id":{"type":"string","description_kind":"plain","optional":true},"s3folder":{"type":"string","description_kind":"plain","optional":true},"s3role_arn":{"type":"string","description_kind":"plain","optional":true},"sales_account_sync_mode":{"type":"string","description_kind":"plain","optional":true},"sales_accounts":{"type":["list","string"],"description_kind":"plain","optional":true},"schema":{"type":"string","description_kind":"plain","optional":true},"schema_prefix":{"type":"string","description_kind":"plain","optional":true},"secret":{"type":"string","description_kind":"plain","optional":true},"secret_key":{"type":"string","description_kind":"plain","optional":true},"secrets":{"type":"string","description_kind":"plain","optional":true},"security_protocol":{"type":"string","description_kind":"plain","optional":true},"selected_exports":{"type":["list","string"],"description_kind":"plain","optional":true},"server_url":{"type":"string","description_kind":"plain","optional":true},"servers":{"type":"string","description_kind":"plain","optional":true},"service_version":{"type":"string","description_kind":"plain","computed":true},"sftp_host":{"type":"string","description_kind":"plain","optional":true},"sftp_is_key_pair":{"type":"string","description_kind":"plain","optional":true},"sftp_password":{"type":"string","description_kind":"plain","optional":true},"sftp_port":{"type":"string","description_kind":"plain","optional":true},"sftp_user":{"type":"string","description_kind":"plain","optional":true},"sheet_id":{"type":"string","description_kind":"plain","optional":true},"shop":{"type":"string","description_kind":"plain","optional":true},"sid":{"type":"string","description_kind":"plain","optional":true},"site_urls":{"type":["list","string"],"description_kind":"plain","optional":true},"skip_after":{"type":"string","description_kind":"plain","optional":true},"skip_before":{"type":"string","description_kind":"plain","optional":true},"source":{"type":"string","description_kind":"plain","optional":true},"sub_domain":{"type":"string","description_kind":"plain","optional":true},"subdomain":{"type":"string","description_kind":"plain","optional":true},"swipe_attribution_window":{"type":"string","description_kind":"plain","optional":true},"sync_data_locker":{"type":"string","description_kind":"plain","optional":true},"sync_format":{"type":"string","description_kind":"plain","optional":true},"sync_mode":{"type":"string","description_kind":"plain","optional":true},"sync_type":{"type":"string","description_kind":"plain","optional":true},"table":{"type":"string","description_kind":"plain","optional":true},"technical_account_id":{"type":"string","description_kind":"plain","optional":true},"test_table_name":{"type":"string","description_kind":"plain","optional":true},"time_zone":{"type":"string","description_kind":"plain","optional":true},"timeframe_months":{"type":"string","description_kind":"plain","optional":true},"tunnel_host":{"type":"string","description_kind":"plain","optional":true},"tunnel_port":{"type":"string","description_kind":"plain","optional":true},"tunnel_user":{"type":"string","description_kind":"plain","optional":true},"unique_id":{"type":"string","description_kind":"plain","optional":true},"update_config_on_each_sync":{"type":"string","description_kind":"plain","optional":true},"update_method":{"type":"string","description_kind":"plain","optional":true},"use_api_keys":{"type":"string","description_kind":"plain","optional":true},"use_webhooks":{"type":"string","description_kind":"plain","optional":true},"user":{"type":"string","description_kind":"plain","optional":true},"user_key":{"type":"string","description_kind":"plain","optional":true},"user_name":{"type":"string","description_kind":"plain","optional":true},"user_profiles":{"type":["list","string"],"description_kind":"plain","optional":true},"username":{"type":"string","description_kind":"plain","optional":true},"view_attribution_window":{"type":"string","description_kind":"plain","optional":true},"view_through_attribution_window_size":{"type":"string","description_kind":"plain","optional":true}},"block_types":{"custom_tables":{"nesting_mode":"list","block":{"attributes":{"action_breakdowns":{"type":["list","string"],"description_kind":"plain","optional":true},"action_report_time":{"type":"string","description_kind":"plain","optional":true},"aggregation":{"type":"string","description_kind":"plain","optional":true},"breakdowns":{"type":["list","string"],"description_kind":"plain","optional":true},"click_attribution_window":{"type":"string","description_kind":"plain","optional":true},"config_type":{"type":"string","description_kind":"plain","optional":true},"fields":{"type":["list","string"],"description_kind":"plain","optional":true},"prebuilt_report_name":{"type":"string","description_kind":"plain","optional":true},"table_name":{"type":"string","description_kind":"plain","optional":true},"view_attribution_window":{"type":"string","description_kind":"plain","optional":true}},"description_kind":"plain"}},"project_credentials":{"nesting_mode":"list","block":{"attributes":{"api_key":{"type":"string","description_kind":"plain","optional":true,"sensitive":true},"project":{"type":"string","description_kind":"plain","optional":true},"secret_key":{"type":"string","description_kind":"plain","optional":true,"sensitive":true}},"description_kind":"plain"}},"reports":{"nesting_mode":"list","block":{"attributes":{"config_type":{"type":"string","description_kind":"plain","optional":true},"dimensions":{"type":["list","string"],"description_kind":"plain","optional":true},"fields":{"type":["list","string"],"description_kind":"plain","optional":true},"filter":{"type":"string","description_kind":"plain","optional":true},"metrics":{"type":["list","string"],"description_kind":"plain","optional":true},"prebuilt_report":{"type":"string","description_kind":"plain","optional":true},"report_type":{"type":"string","description_kind":"plain","optional":true},"segments":{"type":["list","string"],"description_kind":"plain","optional":true},"table":{"type":"string","description_kind":"plain","optional":true}},"description_kind":"plain"}}},"description_kind":"plain"},"min_items":1,"max_items":1}},"description_kind":"plain"}},"fivetran_destination":{"version":0,"block":{"attributes":{"group_id":{"type":"string","description_kind":"plain","required":true},"id":{"type":"string","description_kind":"plain","computed":true},"last_updated":{"type":"string","description_kind":"plain","computed":true},"region":{"type":"string","description_kind":"plain","required":true},"run_setup_tests":{"type":"bool","description_kind":"plain","required":true},"service":{"type":"string","description_kind":"plain","required":true},"setup_status":{"type":"string","description_kind":"plain","computed":true},"time_zone_offset":{"type":"string","description_kind":"plain","required":true},"trust_certificates":{"type":"bool","description_kind":"plain","optional":true},"trust_fingerprints":{"type":"bool","description_kind":"plain","optional":true}},"block_types":{"config":{"nesting_mode":"list","block":{"attributes":{"auth":{"type":"string","description_kind":"plain","optional":true},"auth_type":{"type":"string","description_kind":"plain","optional":true},"bucket":{"type":"string","description_kind":"plain","optional":true},"connection_type":{"type":"string","description_kind":"plain","optional":true},"create_external_tables":{"type":"string","description_kind":"plain","optional":true},"data_set_location":{"type":"string","description_kind":"plain","optional":true},"database":{"type":"string","description_kind":"plain","optional":true},"external_location":{"type":"string","description_kind":"plain","optional":true},"host":{"type":"string","description_kind":"plain","optional":true},"http_path":{"type":"string","description_kind":"plain","optional":true},"password":{"type":"string","description_kind":"plain","optional":true,"sensitive":true},"personal_access_token":{"type":"string","description_kind":"plain","optional":true,"sensitive":true},"port":{"type":"number","description_kind":"plain","optional":true},"project_id":{"type":"string","description_kind":"plain","optional":true},"role_arn":{"type":"string","description_kind":"plain","optional":true},"secret_key":{"type":"string","description_kind":"plain","optional":true},"server_host_name":{"type":"string","description_kind":"plain","optional":true},"tunnel_host":{"type":"string","description_kind":"plain","optional":true},"tunnel_port":{"type":"string","description_kind":"plain","optional":true},"tunnel_user":{"type":"string","description_kind":"plain","optional":true},"user":{"type":"string","description_kind":"plain","optional":true}},"description_kind":"plain"},"min_items":1,"max_items":1}},"description_kind":"plain"}},"fivetran_group":{"version":0,"block":{"attributes":{"created_at":{"type":"string","description_kind":"plain","computed":true},"creator":{"type":"string","description_kind":"plain","computed":true},"id":{"type":"string","description_kind":"plain","computed":true},"last_updated":{"type":"string","description_kind":"plain","computed":true},"name":{"type":"string","description_kind":"plain","required":true}},"block_types":{"user":{"nesting_mode":"set","block":{"attributes":{"id":{"type":"string","description_kind":"plain","required":true},"role":{"type":"string","description_kind":"plain","required":true}},"description_kind":"plain"}}},"description_kind":"plain"}},"fivetran_user":{"version":0,"block":{"attributes":{"created_at":{"type":"string","description_kind":"plain","computed":true},"email":{"type":"string","description_kind":"plain","required":true},"family_name":{"type":"string","description_kind":"plain","required":true},"given_name":{"type":"string","description_kind":"plain","required":true},"id":{"type":"string","description_kind":"plain","computed":true},"invited":{"type":"bool","description_kind":"plain","computed":true},"last_updated":{"type":"string","description_kind":"plain","computed":true},"logged_in_at":{"type":"string","description_kind":"plain","computed":true},"phone":{"type":"string","description_kind":"plain","optional":true},"picture":{"type":"string","description_kind":"plain","optional":true},"verified":{"type":"bool","description_kind":"plain","computed":true}},"description_kind":"plain"}}},"data_source_schemas":{"fivetran_connector":{"version":0,"block":{"attributes":{"config":{"type":["list",["object",{"abs_connection_string":"string","abs_container_name":"string","access_key_id":"string","access_token":"string","account":"string","account_id":"string","account_ids":"string","accounts":["list","string"],"action_breakdowns":["list","string"],"action_report_time":"string","advertisables":["list","string"],"advertisers":["list","string"],"advertisers_id":["list","string"],"aggregation":"string","api_access_token":"string","api_key":"string","api_keys":"string","api_quota":"string","api_secret":"string","api_token":"string","api_url":"string","api_version":"string","app_sync_mode":"string","append_file_option":"string","apps":["list","string"],"archive_pattern":"string","auth_mode":"string","auth_type":"string","authorization_method":"string","aws_region_code":"string","breakdowns":["list","string"],"bucket":"string","bucket_name":"string","bucket_service":"string","certificate":"string","click_attribution_window":"string","client_id":"string","client_secret":"string","cloud_storage_type":"string","columns":["list","string"],"compression":"string","config_method":"string","config_type":"string","connection_string":"string","consumer_group":"string","consumer_key":"string","consumer_secret":"string","container_name":"string","conversion_report_time":"string","conversion_window_size":"string","custom_tables":["list",["object",{"action_breakdowns":["list","string"],"action_report_time":"string","aggregation":"string","breakdowns":["list","string"],"click_attribution_window":"string","config_type":"string","fields":["list","string"],"prebuilt_report_name":"string","table_name":"string","view_attribution_window":"string"}]],"customer_id":"string","daily_api_call_limit":"string","data_center":"string","database":"string","dataset_id":"string","datasource":"string","date_granularity":"string","delimiter":"string","dimension_attributes":["list","string"],"dimensions":["list","string"],"domain":"string","domain_name":"string","elements":["list","string"],"email":"string","enable_all_dimension_combinations":"string","endpoint":"string","engagement_attribution_window":"string","escape_char":"string","external_id":"string","fields":["list","string"],"file_type":"string","finance_account_sync_mode":"string","finance_accounts":["list","string"],"ftp_host":"string","ftp_password":"string","ftp_port":"string","ftp_user":"string","function":"string","function_app":"string","function_key":"string","function_name":"string","function_trigger":"string","gcs_bucket":"string","gcs_folder":"string","home_folder":"string","host":"string","hosts":["list","string"],"identity":"string","instance":"string","integration_key":"string","is_ftps":"string","is_secure":"string","key":"string","last_synced_changes__utc_":"string","latest_version":"string","manager_accounts":["list","string"],"merchant_id":"string","message_type":"string","metrics":["list","string"],"named_range":"string","network_code":"string","null_sequence":"string","oauth_token":"string","oauth_token_secret":"string","on_error":"string","on_premise":"string","organization_id":"string","organizations":["list","string"],"pages":["list","string"],"password":"string","path":"string","pattern":"string","pem_certificate":"string","port":"string","post_click_attribution_window_size":"string","prebuilt_report":"string","prefix":"string","private_key":"string","profiles":["list","string"],"project_credentials":["list",["object",{"api_key":"string","project":"string","secret_key":"string"}]],"project_id":"string","projects":["list","string"],"public_key":"string","query_id":"string","region":"string","replication_slot":"string","report_configuration_ids":["list","string"],"report_suites":["list","string"],"report_type":"string","report_url":"string","reports":["list",["object",{"config_type":"string","dimensions":["list","string"],"fields":["list","string"],"filter":"string","metrics":["list","string"],"prebuilt_report":"string","report_type":"string","segments":["list","string"],"table":"string"}]],"repositories":["list","string"],"resource_url":"string","role":"string","role_arn":"string","s3bucket":"string","s3external_id":"string","s3folder":"string","s3role_arn":"string","sales_account_sync_mode":"string","sales_accounts":["list","string"],"schema":"string","schema_prefix":"string","secret":"string","secret_key":"string","secrets":"string","security_protocol":"string","selected_exports":["list","string"],"server_url":"string","servers":"string","service_version":"string","sftp_host":"string","sftp_is_key_pair":"string","sftp_password":"string","sftp_port":"string","sftp_user":"string","sheet_id":"string","shop":"string","sid":"string","site_urls":["list","string"],"skip_after":"string","skip_before":"string","source":"string","sub_domain":"string","subdomain":"string","swipe_attribution_window":"string","sync_data_locker":"string","sync_format":"string","sync_mode":"string","sync_type":"string","table":"string","technical_account_id":"string","test_table_name":"string","time_zone":"string","timeframe_months":"string","tunnel_host":"string","tunnel_port":"string","tunnel_user":"string","unique_id":"string","update_config_on_each_sync":"string","update_method":"string","use_api_keys":"string","use_webhooks":"string","user":"string","user_key":"string","user_name":"string","user_profiles":["list","string"],"username":"string","view_attribution_window":"string","view_through_attribution_window_size":"string"}]],"description_kind":"plain","computed":true},"connected_by":{"type":"string","description_kind":"plain","computed":true},"created_at":{"type":"string","description_kind":"plain","computed":true},"failed_at":{"type":"string","description_kind":"plain","computed":true},"group_id":{"type":"string","description_kind":"plain","computed":true},"id":{"type":"string","description_kind":"plain","required":true},"pause_after_trial":{"type":"string","description_kind":"plain","computed":true},"paused":{"type":"string","description_kind":"plain","computed":true},"schedule_type":{"type":"string","description_kind":"plain","computed":true},"schema":{"type":"string","description_kind":"plain","computed":true},"service":{"type":"string","description_kind":"plain","computed":true},"service_version":{"type":"string","description_kind":"plain","computed":true},"status":{"type":["list",["object",{"is_historical_sync":"string","setup_state":"string","sync_state":"string","tasks":["list",["object",{"code":"string","message":"string"}]],"update_state":"string","warnings":["list",["object",{"code":"string","message":"string"}]]}]],"description_kind":"plain","computed":true},"succeeded_at":{"type":"string","description_kind":"plain","computed":true},"sync_frequency":{"type":"string","description_kind":"plain","computed":true}},"description_kind":"plain"}},"fivetran_connectors_metadata":{"version":0,"block":{"attributes":{"id":{"type":"string","description_kind":"plain","optional":true,"computed":true},"sources":{"type":["set",["object",{"description":"string","icon_url":"string","id":"string","link_to_docs":"string","link_to_erd":"string","name":"string","type":"string"}]],"description_kind":"plain","computed":true}},"description_kind":"plain"}},"fivetran_destination":{"version":0,"block":{"attributes":{"config":{"type":["set",["object",{"auth":"string","auth_type":"string","bucket":"string","connection_type":"string","create_external_tables":"string","data_set_location":"string","database":"string","external_location":"string","host":"string","http_path":"string","password":"string","personal_access_token":"string","port":"number","project_id":"string","role_arn":"string","secret_key":"string","server_host_name":"string","tunnel_host":"string","tunnel_port":"string","tunnel_user":"string","user":"string"}]],"description_kind":"plain","computed":true},"group_id":{"type":"string","description_kind":"plain","computed":true},"id":{"type":"string","description_kind":"plain","required":true},"region":{"type":"string","description_kind":"plain","computed":true},"service":{"type":"string","description_kind":"plain","computed":true},"setup_status":{"type":"string","description_kind":"plain","computed":true},"time_zone_offset":{"type":"string","description_kind":"plain","computed":true}},"description_kind":"plain"}},"fivetran_group":{"version":0,"block":{"attributes":{"created_at":{"type":"string","description_kind":"plain","computed":true},"id":{"type":"string","description_kind":"plain","required":true},"name":{"type":"string","description_kind":"plain","computed":true}},"description_kind":"plain"}},"fivetran_group_connectors":{"version":0,"block":{"attributes":{"connectors":{"type":["set",["object",{"connected_by":"string","created_at":"string","daily_sync_time":"string","failed_at":"string","group_id":"string","id":"string","schedule_type":"string","schema":"string","service":"string","service_version":"number","status":["set",["object",{"is_historical_sync":"bool","setup_state":"string","sync_state":"string","tasks":["set",["object",{"code":"string","message":"string"}]],"update_state":"string","warnings":["set",["object",{"code":"string","message":"string"}]]}]],"succeeded_at":"string","sync_frequency":"number"}]],"description_kind":"plain","computed":true},"id":{"type":"string","description_kind":"plain","required":true},"schema":{"type":"string","description_kind":"plain","optional":true}},"description_kind":"plain"}},"fivetran_group_users":{"version":0,"block":{"attributes":{"id":{"type":"string","description_kind":"plain","required":true},"users":{"type":["set",["object",{"created_at":"string","email":"string","family_name":"string","given_name":"string","id":"string","invited":"bool","logged_in_at":"string","phone":"string","picture":"string","verified":"bool"}]],"description_kind":"plain","computed":true}},"description_kind":"plain"}},"fivetran_groups":{"version":0,"block":{"attributes":{"groups":{"type":["set",["object",{"created_at":"string","id":"string","name":"string"}]],"description_kind":"plain","computed":true},"id":{"type":"string","description_kind":"plain","optional":true,"computed":true}},"description_kind":"plain"}},"fivetran_user":{"version":0,"block":{"attributes":{"created_at":{"type":"string","description_kind":"plain","computed":true},"email":{"type":"string","description_kind":"plain","computed":true},"family_name":{"type":"string","description_kind":"plain","computed":true},"given_name":{"type":"string","description_kind":"plain","computed":true},"id":{"type":"string","description_kind":"plain","required":true},"invited":{"type":"bool","description_kind":"plain","computed":true},"logged_in_at":{"type":"string","description_kind":"plain","computed":true},"phone":{"type":"string","description_kind":"plain","computed":true},"picture":{"type":"string","description_kind":"plain","computed":true},"verified":{"type":"bool","description_kind":"plain","computed":true}},"description_kind":"plain"}},"fivetran_users":{"version":0,"block":{"attributes":{"id":{"type":"string","description_kind":"plain","optional":true,"computed":true},"users":{"type":["set",["object",{"created_at":"string","email":"string","family_name":"string","given_name":"string","id":"string","invited":"bool","logged_in_at":"string","phone":"string","picture":"string","verified":"bool"}]],"description_kind":"plain","computed":true}},"description_kind":"plain"}}}}}}
