{"format_version":"0.2","provider_schemas":{"registry.terraform.io/fortinetdev/fortimanager":{"provider":{"version":0,"block":{"attributes":{"adom":{"type":"string","description_kind":"plain","optional":true},"cabundlefile":{"type":"string","description":"CA Bundle file","description_kind":"plain","optional":true},"hostname":{"type":"string","description":"The hostname/IP address of the FORTIMANAGER to be connected","description_kind":"plain","optional":true},"import_options":{"type":["set","string"],"description_kind":"plain","optional":true,"computed":true},"insecure":{"type":"bool","description_kind":"plain","optional":true},"logsession":{"type":"bool","description_kind":"plain","optional":true},"password":{"type":"string","description_kind":"plain","optional":true},"presession":{"type":"string","description_kind":"plain","optional":true},"scopetype":{"type":"string","description_kind":"plain","optional":true},"username":{"type":"string","description_kind":"plain","optional":true}},"description_kind":"plain"}},"resource_schemas":{"fortimanager_dvm_cmd_add_device":{"version":0,"block":{"attributes":{"dynamic_sort_subtable":{"type":"string","description_kind":"plain","optional":true},"flags":{"type":["set","string"],"description_kind":"plain","optional":true,"computed":true},"fmgadom":{"type":"string","description_kind":"plain","optional":true,"computed":true},"force_recreate":{"type":"string","description_kind":"plain","optional":true,"computed":true},"id":{"type":"string","description_kind":"plain","optional":true,"computed":true}},"block_types":{"device":{"nesting_mode":"list","block":{"attributes":{"adm_pass":{"type":"string","description_kind":"plain","optional":true,"computed":true},"adm_usr":{"type":"string","description_kind":"plain","optional":true,"computed":true},"desc":{"type":"string","description_kind":"plain","optional":true,"computed":true},"deviceaction":{"type":"string","description_kind":"plain","optional":true,"computed":true},"fazquota":{"type":"number","description_kind":"plain","optional":true,"computed":true},"ip":{"type":"string","description_kind":"plain","optional":true,"computed":true},"metafields":{"type":"string","description_kind":"plain","optional":true,"computed":true},"mgmt_mode":{"type":"string","description_kind":"plain","optional":true,"computed":true},"mr":{"type":"number","description_kind":"plain","optional":true,"computed":true},"name":{"type":"string","description_kind":"plain","optional":true,"computed":true},"os_type":{"type":"string","description_kind":"plain","optional":true,"computed":true},"os_ver":{"type":"string","description_kind":"plain","optional":true,"computed":true},"patch":{"type":"number","description_kind":"plain","optional":true,"computed":true},"platform_str":{"type":"string","description_kind":"plain","optional":true,"computed":true},"sn":{"type":"string","description_kind":"plain","optional":true,"computed":true}},"description_kind":"plain"},"max_items":1},"groups":{"nesting_mode":"list","block":{"attributes":{"name":{"type":"string","description_kind":"plain","optional":true,"computed":true},"vdom":{"type":"string","description_kind":"plain","optional":true,"computed":true}},"description_kind":"plain"}}},"description_kind":"plain"}},"fortimanager_dvm_cmd_del_device":{"version":0,"block":{"attributes":{"device":{"type":"string","description_kind":"plain","optional":true,"computed":true},"flags":{"type":["set","string"],"description_kind":"plain","optional":true,"computed":true},"fmgadom":{"type":"string","description_kind":"plain","optional":true,"computed":true},"force_recreate":{"type":"string","description_kind":"plain","optional":true,"computed":true},"id":{"type":"string","description_kind":"plain","optional":true,"computed":true}},"description_kind":"plain"}},"fortimanager_dvm_cmd_update_device":{"version":0,"block":{"attributes":{"device":{"type":"string","description_kind":"plain","optional":true,"computed":true},"flags":{"type":["set","string"],"description_kind":"plain","optional":true,"computed":true},"fmgadom":{"type":"string","description_kind":"plain","optional":true,"computed":true},"force_recreate":{"type":"string","description_kind":"plain","optional":true,"computed":true},"id":{"type":"string","description_kind":"plain","optional":true,"computed":true}},"description_kind":"plain"}},"fortimanager_dvmdb_adom":{"version":0,"block":{"attributes":{"create_time":{"type":"number","description_kind":"plain","optional":true,"computed":true},"desc":{"type":"string","description_kind":"plain","optional":true,"computed":true},"flags":{"type":["set","string"],"description_kind":"plain","optional":true,"computed":true},"id":{"type":"string","description_kind":"plain","optional":true,"computed":true},"log_db_retention_hours":{"type":"number","description_kind":"plain","optional":true,"computed":true},"log_disk_quota":{"type":"number","description_kind":"plain","optional":true,"computed":true},"log_disk_quota_alert_thres":{"type":"number","description_kind":"plain","optional":true,"computed":true},"log_disk_quota_split_ratio":{"type":"number","description_kind":"plain","optional":true,"computed":true},"log_file_retention_hours":{"type":"number","description_kind":"plain","optional":true,"computed":true},"metafields":{"type":"string","description_kind":"plain","optional":true,"computed":true},"mig_mr":{"type":"number","description_kind":"plain","optional":true,"computed":true},"mig_os_ver":{"type":"string","description_kind":"plain","optional":true,"computed":true},"mode":{"type":"string","description_kind":"plain","optional":true,"computed":true},"mr":{"type":"number","description_kind":"plain","optional":true,"computed":true},"name":{"type":"string","description_kind":"plain","optional":true,"computed":true},"os_ver":{"type":"string","description_kind":"plain","optional":true,"computed":true},"restricted_prds":{"type":["set","string"],"description_kind":"plain","optional":true,"computed":true},"state":{"type":"number","description_kind":"plain","optional":true,"computed":true},"uuid":{"type":"string","description_kind":"plain","optional":true,"computed":true},"workspace_mode":{"type":"number","description_kind":"plain","optional":true,"computed":true}},"description_kind":"plain"}},"fortimanager_dvmdb_group":{"version":0,"block":{"attributes":{"adom":{"type":"string","description_kind":"plain","optional":true},"desc":{"type":"string","description_kind":"plain","optional":true,"computed":true},"id":{"type":"string","description_kind":"plain","optional":true,"computed":true},"metafields":{"type":"string","description_kind":"plain","optional":true,"computed":true},"name":{"type":"string","description_kind":"plain","optional":true,"computed":true},"os_type":{"type":"string","description_kind":"plain","optional":true,"computed":true},"scopetype":{"type":"string","description_kind":"plain","optional":true},"type":{"type":"string","description_kind":"plain","optional":true,"computed":true}},"description_kind":"plain"}},"fortimanager_dvmdb_revision":{"version":0,"block":{"attributes":{"adom":{"type":"string","description_kind":"plain","optional":true},"created_by":{"type":"string","description_kind":"plain","optional":true,"computed":true},"created_time":{"type":"number","description_kind":"plain","optional":true,"computed":true},"desc":{"type":"string","description_kind":"plain","optional":true,"computed":true},"id":{"type":"string","description_kind":"plain","optional":true,"computed":true},"locked":{"type":"number","description_kind":"plain","optional":true,"computed":true},"name":{"type":"string","description_kind":"plain","optional":true,"computed":true},"scopetype":{"type":"string","description_kind":"plain","optional":true},"version":{"type":"number","description_kind":"plain","optional":true,"computed":true}},"description_kind":"plain"}},"fortimanager_dvmdb_script":{"version":0,"block":{"attributes":{"adom":{"type":"string","description_kind":"plain","optional":true},"content":{"type":"string","description_kind":"plain","optional":true,"computed":true},"desc":{"type":"string","description_kind":"plain","optional":true,"computed":true},"dynamic_sort_subtable":{"type":"string","description_kind":"plain","optional":true},"filter_build":{"type":"number","description_kind":"plain","optional":true,"computed":true},"filter_device":{"type":"number","description_kind":"plain","optional":true,"computed":true},"filter_hostname":{"type":"string","description_kind":"plain","optional":true,"computed":true},"filter_ostype":{"type":"string","description_kind":"plain","optional":true,"computed":true},"filter_osver":{"type":"string","description_kind":"plain","optional":true,"computed":true},"filter_platform":{"type":"string","description_kind":"plain","optional":true,"computed":true},"filter_serial":{"type":"string","description_kind":"plain","optional":true,"computed":true},"id":{"type":"string","description_kind":"plain","optional":true,"computed":true},"modification_time":{"type":"string","description_kind":"plain","optional":true,"computed":true},"name":{"type":"string","description_kind":"plain","optional":true,"computed":true},"scopetype":{"type":"string","description_kind":"plain","optional":true},"target":{"type":"string","description_kind":"plain","optional":true,"computed":true},"type":{"type":"string","description_kind":"plain","optional":true,"computed":true}},"block_types":{"script_schedule":{"nesting_mode":"list","block":{"attributes":{"datetime":{"type":"string","description_kind":"plain","optional":true,"computed":true},"day_of_week":{"type":"string","description_kind":"plain","optional":true,"computed":true},"device":{"type":"number","description_kind":"plain","optional":true,"computed":true},"name":{"type":"string","description_kind":"plain","optional":true,"computed":true},"run_on_db":{"type":"string","description_kind":"plain","optional":true,"computed":true},"type":{"type":"string","description_kind":"plain","optional":true,"computed":true}},"description_kind":"plain"}}},"description_kind":"plain"}},"fortimanager_dvmdb_script_execute":{"version":0,"block":{"attributes":{"adom":{"type":"string","description_kind":"plain","optional":true},"dynamic_sort_subtable":{"type":"string","description_kind":"plain","optional":true},"fmgadom":{"type":"string","description_kind":"plain","optional":true,"computed":true},"force_recreate":{"type":"string","description_kind":"plain","optional":true,"computed":true},"id":{"type":"string","description_kind":"plain","optional":true,"computed":true},"package":{"type":"string","description_kind":"plain","optional":true,"computed":true},"scopetype":{"type":"string","description_kind":"plain","optional":true},"script":{"type":"string","description_kind":"plain","optional":true,"computed":true}},"block_types":{"scope":{"nesting_mode":"list","block":{"attributes":{"name":{"type":"string","description_kind":"plain","optional":true,"computed":true},"vdom":{"type":"string","description_kind":"plain","optional":true,"computed":true}},"description_kind":"plain"}}},"description_kind":"plain"}},"fortimanager_exec_workspace_action":{"version":0,"block":{"attributes":{"action":{"type":"string","description_kind":"plain","required":true},"adom":{"type":"string","description_kind":"plain","optional":true},"comment":{"type":"string","description_kind":"plain","optional":true},"force_recreate":{"type":"string","description_kind":"plain","optional":true,"computed":true},"id":{"type":"string","description_kind":"plain","optional":true,"computed":true},"param":{"type":"string","description_kind":"plain","optional":true},"scopetype":{"type":"string","description_kind":"plain","optional":true},"target":{"type":"string","description_kind":"plain","required":true}},"description_kind":"plain"}},"fortimanager_fmupdate_analyzer_virusreport":{"version":0,"block":{"attributes":{"id":{"type":"string","description_kind":"plain","optional":true,"computed":true},"status":{"type":"string","description_kind":"plain","optional":true,"computed":true}},"description_kind":"plain"}},"fortimanager_fmupdate_avips_advancedlog":{"version":0,"block":{"attributes":{"id":{"type":"string","description_kind":"plain","optional":true,"computed":true},"log_fortigate":{"type":"string","description_kind":"plain","optional":true,"computed":true},"log_server":{"type":"string","description_kind":"plain","optional":true,"computed":true}},"description_kind":"plain"}},"fortimanager_fmupdate_avips_webproxy":{"version":0,"block":{"attributes":{"address":{"type":"string","description_kind":"plain","optional":true,"computed":true},"id":{"type":"string","description_kind":"plain","optional":true,"computed":true},"mode":{"type":"string","description_kind":"plain","optional":true,"computed":true},"password":{"type":["set","string"],"description_kind":"plain","optional":true,"computed":true,"sensitive":true},"port":{"type":"number","description_kind":"plain","optional":true,"computed":true},"status":{"type":"string","description_kind":"plain","optional":true,"computed":true},"username":{"type":"string","description_kind":"plain","optional":true,"computed":true}},"description_kind":"plain"}},"fortimanager_fmupdate_customurllist":{"version":0,"block":{"attributes":{"db_selection":{"type":["set","string"],"description_kind":"plain","optional":true,"computed":true},"id":{"type":"string","description_kind":"plain","optional":true,"computed":true}},"description_kind":"plain"}},"fortimanager_fmupdate_diskquota":{"version":0,"block":{"attributes":{"id":{"type":"string","description_kind":"plain","optional":true,"computed":true},"value":{"type":"number","description_kind":"plain","optional":true,"computed":true}},"description_kind":"plain"}},"fortimanager_fmupdate_fctservices":{"version":0,"block":{"attributes":{"id":{"type":"string","description_kind":"plain","optional":true,"computed":true},"port":{"type":"number","description_kind":"plain","optional":true,"computed":true},"status":{"type":"string","description_kind":"plain","optional":true,"computed":true}},"description_kind":"plain"}},"fortimanager_fmupdate_fdssetting":{"version":0,"block":{"attributes":{"fds_clt_ssl_protocol":{"type":"string","description_kind":"plain","optional":true,"computed":true},"fds_ssl_protocol":{"type":"string","description_kind":"plain","optional":true,"computed":true},"fmtr_log":{"type":"string","description_kind":"plain","optional":true,"computed":true},"fortiguard_anycast":{"type":"string","description_kind":"plain","optional":true,"computed":true},"fortiguard_anycast_source":{"type":"string","description_kind":"plain","optional":true,"computed":true},"id":{"type":"string","description_kind":"plain","optional":true,"computed":true},"linkd_log":{"type":"string","description_kind":"plain","optional":true,"computed":true},"max_av_ips_version":{"type":"number","description_kind":"plain","optional":true,"computed":true},"max_work":{"type":"number","description_kind":"plain","optional":true,"computed":true},"send_report":{"type":"string","description_kind":"plain","optional":true,"computed":true},"send_setup":{"type":"string","description_kind":"plain","optional":true,"computed":true},"system_support_fct":{"type":["set","string"],"description_kind":"plain","optional":true,"computed":true},"system_support_fgt":{"type":["set","string"],"description_kind":"plain","optional":true,"computed":true},"system_support_fml":{"type":["set","string"],"description_kind":"plain","optional":true,"computed":true},"system_support_fsa":{"type":["set","string"],"description_kind":"plain","optional":true,"computed":true},"system_support_fsw":{"type":["set","string"],"description_kind":"plain","optional":true,"computed":true},"umsvc_log":{"type":"string","description_kind":"plain","optional":true,"computed":true},"unreg_dev_option":{"type":"string","description_kind":"plain","optional":true,"computed":true},"user_agent":{"type":"string","description_kind":"plain","optional":true,"computed":true},"wanip_query_mode":{"type":"string","description_kind":"plain","optional":true,"computed":true}},"block_types":{"push_override":{"nesting_mode":"list","block":{"attributes":{"ip":{"type":"string","description_kind":"plain","optional":true,"computed":true},"port":{"type":"number","description_kind":"plain","optional":true,"computed":true},"status":{"type":"string","description_kind":"plain","optional":true,"computed":true}},"description_kind":"plain"},"max_items":1},"push_override_to_client":{"nesting_mode":"list","block":{"attributes":{"status":{"type":"string","description_kind":"plain","optional":true,"computed":true}},"block_types":{"announce_ip":{"nesting_mode":"list","block":{"attributes":{"id":{"type":"number","description_kind":"plain","optional":true,"computed":true},"ip":{"type":"string","description_kind":"plain","optional":true,"computed":true},"port":{"type":"number","description_kind":"plain","optional":true,"computed":true}},"description_kind":"plain"}}},"description_kind":"plain"},"max_items":1},"server_override":{"nesting_mode":"list","block":{"attributes":{"status":{"type":"string","description_kind":"plain","optional":true,"computed":true}},"block_types":{"servlist":{"nesting_mode":"list","block":{"attributes":{"id":{"type":"number","description_kind":"plain","optional":true,"computed":true},"ip":{"type":"string","description_kind":"plain","optional":true,"computed":true},"ip6":{"type":"string","description_kind":"plain","optional":true,"computed":true},"port":{"type":"number","description_kind":"plain","optional":true,"computed":true},"service_type":{"type":"string","description_kind":"plain","optional":true,"computed":true}},"description_kind":"plain"}}},"description_kind":"plain"},"max_items":1},"update_schedule":{"nesting_mode":"list","block":{"attributes":{"day":{"type":"string","description_kind":"plain","optional":true,"computed":true},"frequency":{"type":"string","description_kind":"plain","optional":true,"computed":true},"status":{"type":"string","description_kind":"plain","optional":true,"computed":true},"time":{"type":["set","string"],"description_kind":"plain","optional":true,"computed":true}},"description_kind":"plain"},"max_items":1}},"description_kind":"plain"}},"fortimanager_fmupdate_fdssetting_pushoverride":{"version":0,"block":{"attributes":{"id":{"type":"string","description_kind":"plain","optional":true,"computed":true},"ip":{"type":"string","description_kind":"plain","optional":true,"computed":true},"port":{"type":"number","description_kind":"plain","optional":true,"computed":true},"status":{"type":"string","description_kind":"plain","optional":true,"computed":true}},"description_kind":"plain"}},"fortimanager_fmupdate_fdssetting_pushoverridetoclient":{"version":0,"block":{"attributes":{"dynamic_sort_subtable":{"type":"string","description_kind":"plain","optional":true},"id":{"type":"string","description_kind":"plain","optional":true,"computed":true},"status":{"type":"string","description_kind":"plain","optional":true,"computed":true}},"block_types":{"announce_ip":{"nesting_mode":"list","block":{"attributes":{"id":{"type":"number","description_kind":"plain","optional":true,"computed":true},"ip":{"type":"string","description_kind":"plain","optional":true,"computed":true},"port":{"type":"number","description_kind":"plain","optional":true,"computed":true}},"description_kind":"plain"}}},"description_kind":"plain"}},"fortimanager_fmupdate_fdssetting_serveroverride":{"version":0,"block":{"attributes":{"dynamic_sort_subtable":{"type":"string","description_kind":"plain","optional":true},"id":{"type":"string","description_kind":"plain","optional":true,"computed":true},"status":{"type":"string","description_kind":"plain","optional":true,"computed":true}},"block_types":{"servlist":{"nesting_mode":"list","block":{"attributes":{"id":{"type":"number","description_kind":"plain","optional":true,"computed":true},"ip":{"type":"string","description_kind":"plain","optional":true,"computed":true},"ip6":{"type":"string","description_kind":"plain","optional":true,"computed":true},"port":{"type":"number","description_kind":"plain","optional":true,"computed":true},"service_type":{"type":"string","description_kind":"plain","optional":true,"computed":true}},"description_kind":"plain"}}},"description_kind":"plain"}},"fortimanager_fmupdate_fdssetting_updateschedule":{"version":0,"block":{"attributes":{"day":{"type":"string","description_kind":"plain","optional":true,"computed":true},"frequency":{"type":"string","description_kind":"plain","optional":true,"computed":true},"id":{"type":"string","description_kind":"plain","optional":true,"computed":true},"status":{"type":"string","description_kind":"plain","optional":true,"computed":true},"time":{"type":["set","string"],"description_kind":"plain","optional":true,"computed":true}},"description_kind":"plain"}},"fortimanager_fmupdate_fwmsetting":{"version":0,"block":{"attributes":{"auto_scan_fgt_disk":{"type":"string","description_kind":"plain","optional":true,"computed":true},"check_fgt_disk":{"type":"string","description_kind":"plain","optional":true,"computed":true},"fds_failover_fmg":{"type":"string","description_kind":"plain","optional":true,"computed":true},"fds_image_timeout":{"type":"number","description_kind":"plain","optional":true,"computed":true},"id":{"type":"string","description_kind":"plain","optional":true,"computed":true},"immx_source":{"type":"string","description_kind":"plain","optional":true,"computed":true},"multiple_steps_interval":{"type":"number","description_kind":"plain","optional":true,"computed":true}},"description_kind":"plain"}},"fortimanager_fmupdate_multilayer":{"version":0,"block":{"attributes":{"id":{"type":"string","description_kind":"plain","optional":true,"computed":true},"webspam_rating":{"type":"string","description_kind":"plain","optional":true,"computed":true}},"description_kind":"plain"}},"fortimanager_fmupdate_publicnetwork":{"version":0,"block":{"attributes":{"id":{"type":"string","description_kind":"plain","optional":true,"computed":true},"status":{"type":"string","description_kind":"plain","optional":true,"computed":true}},"description_kind":"plain"}},"fortimanager_fmupdate_serveraccesspriorities":{"version":0,"block":{"attributes":{"access_public":{"type":"string","description_kind":"plain","optional":true,"computed":true},"av_ips":{"type":"string","description_kind":"plain","optional":true,"computed":true},"dynamic_sort_subtable":{"type":"string","description_kind":"plain","optional":true},"id":{"type":"string","description_kind":"plain","optional":true,"computed":true},"web_spam":{"type":"string","description_kind":"plain","optional":true,"computed":true}},"block_types":{"private_server":{"nesting_mode":"list","block":{"attributes":{"id":{"type":"number","description_kind":"plain","optional":true,"computed":true},"ip":{"type":"string","description_kind":"plain","optional":true,"computed":true},"ip6":{"type":"string","description_kind":"plain","optional":true,"computed":true},"time_zone":{"type":"number","description_kind":"plain","optional":true,"computed":true}},"description_kind":"plain"}}},"description_kind":"plain"}},"fortimanager_fmupdate_serveroverridestatus":{"version":0,"block":{"attributes":{"id":{"type":"string","description_kind":"plain","optional":true,"computed":true},"mode":{"type":"string","description_kind":"plain","optional":true,"computed":true}},"description_kind":"plain"}},"fortimanager_fmupdate_service":{"version":0,"block":{"attributes":{"avips":{"type":"string","description_kind":"plain","optional":true,"computed":true},"id":{"type":"string","description_kind":"plain","optional":true,"computed":true},"query_antispam":{"type":"string","description_kind":"plain","optional":true,"computed":true},"query_antivirus":{"type":"string","description_kind":"plain","optional":true,"computed":true},"query_filequery":{"type":"string","description_kind":"plain","optional":true,"computed":true},"query_outbreak_prevention":{"type":"string","description_kind":"plain","optional":true,"computed":true},"query_webfilter":{"type":"string","description_kind":"plain","optional":true,"computed":true},"webfilter_https_traversal":{"type":"string","description_kind":"plain","optional":true,"computed":true}},"description_kind":"plain"}},"fortimanager_fmupdate_webspam_fgdsetting":{"version":0,"block":{"attributes":{"as_cache":{"type":"number","description_kind":"plain","optional":true,"computed":true},"as_log":{"type":"string","description_kind":"plain","optional":true,"computed":true},"as_preload":{"type":"string","description_kind":"plain","optional":true,"computed":true},"av2_cache":{"type":"number","description_kind":"plain","optional":true,"computed":true},"av2_log":{"type":"string","description_kind":"plain","optional":true,"computed":true},"av2_preload":{"type":"string","description_kind":"plain","optional":true,"computed":true},"av_cache":{"type":"number","description_kind":"plain","optional":true,"computed":true},"av_log":{"type":"string","description_kind":"plain","optional":true,"computed":true},"av_preload":{"type":"string","description_kind":"plain","optional":true,"computed":true},"eventlog_query":{"type":"string","description_kind":"plain","optional":true,"computed":true},"fgd_pull_interval":{"type":"number","description_kind":"plain","optional":true,"computed":true},"fq_cache":{"type":"number","description_kind":"plain","optional":true,"computed":true},"fq_log":{"type":"string","description_kind":"plain","optional":true,"computed":true},"fq_preload":{"type":"string","description_kind":"plain","optional":true,"computed":true},"id":{"type":"string","description_kind":"plain","optional":true,"computed":true},"linkd_log":{"type":"string","description_kind":"plain","optional":true,"computed":true},"max_client_worker":{"type":"number","description_kind":"plain","optional":true,"computed":true},"max_log_quota":{"type":"number","description_kind":"plain","optional":true,"computed":true},"max_unrated_site":{"type":"number","description_kind":"plain","optional":true,"computed":true},"restrict_as1_dbver":{"type":"string","description_kind":"plain","optional":true,"computed":true},"restrict_as2_dbver":{"type":"string","description_kind":"plain","optional":true,"computed":true},"restrict_as4_dbver":{"type":"string","description_kind":"plain","optional":true,"computed":true},"restrict_av2_dbver":{"type":"string","description_kind":"plain","optional":true,"computed":true},"restrict_av_dbver":{"type":"string","description_kind":"plain","optional":true,"computed":true},"restrict_fq_dbver":{"type":"string","description_kind":"plain","optional":true,"computed":true},"restrict_wf_dbver":{"type":"string","description_kind":"plain","optional":true,"computed":true},"stat_log_interval":{"type":"number","description_kind":"plain","optional":true,"computed":true},"stat_sync_interval":{"type":"number","description_kind":"plain","optional":true,"computed":true},"update_interval":{"type":"number","description_kind":"plain","optional":true,"computed":true},"update_log":{"type":"string","description_kind":"plain","optional":true,"computed":true},"wf_cache":{"type":"number","description_kind":"plain","optional":true,"computed":true},"wf_dn_cache_expire_time":{"type":"number","description_kind":"plain","optional":true,"computed":true},"wf_dn_cache_max_number":{"type":"number","description_kind":"plain","optional":true,"computed":true},"wf_log":{"type":"string","description_kind":"plain","optional":true,"computed":true},"wf_preload":{"type":"string","description_kind":"plain","optional":true,"computed":true}},"block_types":{"server_override":{"nesting_mode":"list","block":{"attributes":{"status":{"type":"string","description_kind":"plain","optional":true,"computed":true}},"block_types":{"servlist":{"nesting_mode":"list","block":{"attributes":{"id":{"type":"number","description_kind":"plain","optional":true,"computed":true},"ip":{"type":"string","description_kind":"plain","optional":true,"computed":true},"ip6":{"type":"string","description_kind":"plain","optional":true,"computed":true},"port":{"type":"number","description_kind":"plain","optional":true,"computed":true},"service_type":{"type":"string","description_kind":"plain","optional":true,"computed":true}},"description_kind":"plain"}}},"description_kind":"plain"},"max_items":1}},"description_kind":"plain"}},"fortimanager_fmupdate_webspam_webproxy":{"version":0,"block":{"attributes":{"address":{"type":"string","description_kind":"plain","optional":true,"computed":true},"id":{"type":"string","description_kind":"plain","optional":true,"computed":true},"mode":{"type":"string","description_kind":"plain","optional":true,"computed":true},"password":{"type":["set","string"],"description_kind":"plain","optional":true,"computed":true,"sensitive":true},"port":{"type":"number","description_kind":"plain","optional":true,"computed":true},"status":{"type":"string","description_kind":"plain","optional":true,"computed":true},"username":{"type":"string","description_kind":"plain","optional":true,"computed":true}},"description_kind":"plain"}},"fortimanager_json_generic_api":{"version":0,"block":{"attributes":{"comment":{"type":"string","description_kind":"plain","optional":true},"force_recreate":{"type":"string","description_kind":"plain","optional":true},"id":{"type":"string","description_kind":"plain","optional":true,"computed":true},"json_content":{"type":"string","description_kind":"plain","required":true},"response":{"type":"string","description_kind":"plain","computed":true}},"description_kind":"plain"}},"fortimanager_object_adom_options":{"version":0,"block":{"attributes":{"adom":{"type":"string","description_kind":"plain","optional":true},"assign_excluded":{"type":"string","description_kind":"plain","optional":true,"computed":true},"id":{"type":"string","description_kind":"plain","optional":true,"computed":true},"scopetype":{"type":"string","description_kind":"plain","optional":true},"specify_assign_pkg_list":{"type":"string","description_kind":"plain","optional":true,"computed":true}},"description_kind":"plain"}},"fortimanager_object_antivirus_mmschecksum":{"version":0,"block":{"attributes":{"adom":{"type":"string","description_kind":"plain","optional":true},"comment":{"type":"string","description_kind":"plain","optional":true,"computed":true},"dynamic_sort_subtable":{"type":"string","description_kind":"plain","optional":true},"fosid":{"type":"number","description_kind":"plain","optional":true,"computed":true},"id":{"type":"string","description_kind":"plain","optional":true,"computed":true},"name":{"type":"string","description_kind":"plain","optional":true,"computed":true},"scopetype":{"type":"string","description_kind":"plain","optional":true}},"block_types":{"entries":{"nesting_mode":"list","block":{"attributes":{"checksum":{"type":"string","description_kind":"plain","optional":true,"computed":true},"name":{"type":"string","description_kind":"plain","optional":true,"computed":true},"status":{"type":"string","description_kind":"plain","optional":true,"computed":true}},"description_kind":"plain"}}},"description_kind":"plain"}},"fortimanager_object_antivirus_notification":{"version":0,"block":{"attributes":{"adom":{"type":"string","description_kind":"plain","optional":true},"comment":{"type":"string","description_kind":"plain","optional":true,"computed":true},"dynamic_sort_subtable":{"type":"string","description_kind":"plain","optional":true},"fosid":{"type":"number","description_kind":"plain","optional":true,"computed":true},"id":{"type":"string","description_kind":"plain","optional":true,"computed":true},"name":{"type":"string","description_kind":"plain","optional":true,"computed":true},"scopetype":{"type":"string","description_kind":"plain","optional":true}},"block_types":{"entries":{"nesting_mode":"list","block":{"attributes":{"name":{"type":"string","description_kind":"plain","optional":true,"computed":true},"prefix":{"type":"string","description_kind":"plain","optional":true,"computed":true},"status":{"type":"string","description_kind":"plain","optional":true,"computed":true}},"description_kind":"plain"}}},"description_kind":"plain"}},"fortimanager_object_antivirus_profile":{"version":0,"block":{"attributes":{"adom":{"type":"string","description_kind":"plain","optional":true},"analytics_accept_filetype":{"type":"string","description_kind":"plain","optional":true,"computed":true},"analytics_bl_filetype":{"type":"string","description_kind":"plain","optional":true,"computed":true},"analytics_db":{"type":"string","description_kind":"plain","optional":true,"computed":true},"analytics_ignore_filetype":{"type":"string","description_kind":"plain","optional":true,"computed":true},"analytics_max_upload":{"type":"number","description_kind":"plain","optional":true,"computed":true},"analytics_wl_filetype":{"type":"string","description_kind":"plain","optional":true,"computed":true},"av_block_log":{"type":"string","description_kind":"plain","optional":true,"computed":true},"av_virus_log":{"type":"string","description_kind":"plain","optional":true,"computed":true},"comment":{"type":"string","description_kind":"plain","optional":true,"computed":true},"ems_threat_feed":{"type":"string","description_kind":"plain","optional":true,"computed":true},"extended_log":{"type":"string","description_kind":"plain","optional":true,"computed":true},"external_blocklist":{"type":["list","string"],"description_kind":"plain","optional":true,"computed":true},"external_blocklist_archive_scan":{"type":"string","description_kind":"plain","optional":true,"computed":true},"external_blocklist_enable_all":{"type":"string","description_kind":"plain","optional":true,"computed":true},"feature_set":{"type":"string","description_kind":"plain","optional":true,"computed":true},"ftgd_analytics":{"type":"string","description_kind":"plain","optional":true,"computed":true},"id":{"type":"string","description_kind":"plain","optional":true,"computed":true},"mobile_malware_db":{"type":"string","description_kind":"plain","optional":true,"computed":true},"name":{"type":"string","description_kind":"plain","optional":true,"computed":true},"outbreak_prevention_archive_scan":{"type":"string","description_kind":"plain","optional":true,"computed":true},"replacemsg_group":{"type":"string","description_kind":"plain","optional":true,"computed":true},"scan_mode":{"type":"string","description_kind":"plain","optional":true,"computed":true},"scopetype":{"type":"string","description_kind":"plain","optional":true}},"block_types":{"cifs":{"nesting_mode":"list","block":{"attributes":{"archive_block":{"type":["set","string"],"description_kind":"plain","optional":true,"computed":true},"archive_log":{"type":["set","string"],"description_kind":"plain","optional":true,"computed":true},"av_scan":{"type":"string","description_kind":"plain","optional":true,"computed":true},"emulator":{"type":"string","description_kind":"plain","optional":true,"computed":true},"external_blocklist":{"type":"string","description_kind":"plain","optional":true,"computed":true},"options":{"type":["set","string"],"description_kind":"plain","optional":true,"computed":true},"outbreak_prevention":{"type":"string","description_kind":"plain","optional":true,"computed":true},"quarantine":{"type":"string","description_kind":"plain","optional":true,"computed":true}},"description_kind":"plain"},"max_items":1},"content_disarm":{"nesting_mode":"list","block":{"attributes":{"cover_page":{"type":"string","description_kind":"plain","optional":true,"computed":true},"detect_only":{"type":"string","description_kind":"plain","optional":true,"computed":true},"error_action":{"type":"string","description_kind":"plain","optional":true,"computed":true},"office_action":{"type":"string","description_kind":"plain","optional":true,"computed":true},"office_dde":{"type":"string","description_kind":"plain","optional":true,"computed":true},"office_embed":{"type":"string","description_kind":"plain","optional":true,"computed":true},"office_hylink":{"type":"string","description_kind":"plain","optional":true,"computed":true},"office_linked":{"type":"string","description_kind":"plain","optional":true,"computed":true},"office_macro":{"type":"string","description_kind":"plain","optional":true,"computed":true},"original_file_destination":{"type":"string","description_kind":"plain","optional":true,"computed":true},"pdf_act_form":{"type":"string","description_kind":"plain","optional":true,"computed":true},"pdf_act_gotor":{"type":"string","description_kind":"plain","optional":true,"computed":true},"pdf_act_java":{"type":"string","description_kind":"plain","optional":true,"computed":true},"pdf_act_launch":{"type":"string","description_kind":"plain","optional":true,"computed":true},"pdf_act_movie":{"type":"string","description_kind":"plain","optional":true,"computed":true},"pdf_act_sound":{"type":"string","description_kind":"plain","optional":true,"computed":true},"pdf_embedfile":{"type":"string","description_kind":"plain","optional":true,"computed":true},"pdf_hyperlink":{"type":"string","description_kind":"plain","optional":true,"computed":true},"pdf_javacode":{"type":"string","description_kind":"plain","optional":true,"computed":true}},"description_kind":"plain"},"max_items":1},"ftp":{"nesting_mode":"list","block":{"attributes":{"archive_block":{"type":["set","string"],"description_kind":"plain","optional":true,"computed":true},"archive_log":{"type":["set","string"],"description_kind":"plain","optional":true,"computed":true},"av_scan":{"type":"string","description_kind":"plain","optional":true,"computed":true},"emulator":{"type":"string","description_kind":"plain","optional":true,"computed":true},"external_blocklist":{"type":"string","description_kind":"plain","optional":true,"computed":true},"options":{"type":["set","string"],"description_kind":"plain","optional":true,"computed":true},"outbreak_prevention":{"type":"string","description_kind":"plain","optional":true,"computed":true},"quarantine":{"type":"string","description_kind":"plain","optional":true,"computed":true}},"description_kind":"plain"},"max_items":1},"http":{"nesting_mode":"list","block":{"attributes":{"archive_block":{"type":["set","string"],"description_kind":"plain","optional":true,"computed":true},"archive_log":{"type":["set","string"],"description_kind":"plain","optional":true,"computed":true},"av_scan":{"type":"string","description_kind":"plain","optional":true,"computed":true},"content_disarm":{"type":"string","description_kind":"plain","optional":true,"computed":true},"emulator":{"type":"string","description_kind":"plain","optional":true,"computed":true},"external_blocklist":{"type":"string","description_kind":"plain","optional":true,"computed":true},"options":{"type":["set","string"],"description_kind":"plain","optional":true,"computed":true},"outbreak_prevention":{"type":"string","description_kind":"plain","optional":true,"computed":true},"quarantine":{"type":"string","description_kind":"plain","optional":true,"computed":true}},"description_kind":"plain"},"max_items":1},"imap":{"nesting_mode":"list","block":{"attributes":{"archive_block":{"type":["set","string"],"description_kind":"plain","optional":true,"computed":true},"archive_log":{"type":["set","string"],"description_kind":"plain","optional":true,"computed":true},"av_scan":{"type":"string","description_kind":"plain","optional":true,"computed":true},"content_disarm":{"type":"string","description_kind":"plain","optional":true,"computed":true},"emulator":{"type":"string","description_kind":"plain","optional":true,"computed":true},"executables":{"type":"string","description_kind":"plain","optional":true,"computed":true},"external_blocklist":{"type":"string","description_kind":"plain","optional":true,"computed":true},"options":{"type":["set","string"],"description_kind":"plain","optional":true,"computed":true},"outbreak_prevention":{"type":"string","description_kind":"plain","optional":true,"computed":true},"quarantine":{"type":"string","description_kind":"plain","optional":true,"computed":true}},"description_kind":"plain"},"max_items":1},"mapi":{"nesting_mode":"list","block":{"attributes":{"archive_block":{"type":["set","string"],"description_kind":"plain","optional":true,"computed":true},"archive_log":{"type":["set","string"],"description_kind":"plain","optional":true,"computed":true},"av_scan":{"type":"string","description_kind":"plain","optional":true,"computed":true},"emulator":{"type":"string","description_kind":"plain","optional":true,"computed":true},"executables":{"type":"string","description_kind":"plain","optional":true,"computed":true},"external_blocklist":{"type":"string","description_kind":"plain","optional":true,"computed":true},"options":{"type":["set","string"],"description_kind":"plain","optional":true,"computed":true},"outbreak_prevention":{"type":"string","description_kind":"plain","optional":true,"computed":true},"quarantine":{"type":"string","description_kind":"plain","optional":true,"computed":true}},"description_kind":"plain"},"max_items":1},"nac_quar":{"nesting_mode":"list","block":{"attributes":{"expiry":{"type":"string","description_kind":"plain","optional":true,"computed":true},"infected":{"type":"string","description_kind":"plain","optional":true,"computed":true},"log":{"type":"string","description_kind":"plain","optional":true,"computed":true}},"description_kind":"plain"},"max_items":1},"nntp":{"nesting_mode":"list","block":{"attributes":{"archive_block":{"type":["set","string"],"description_kind":"plain","optional":true,"computed":true},"archive_log":{"type":["set","string"],"description_kind":"plain","optional":true,"computed":true},"av_scan":{"type":"string","description_kind":"plain","optional":true,"computed":true},"emulator":{"type":"string","description_kind":"plain","optional":true,"computed":true},"external_blocklist":{"type":"string","description_kind":"plain","optional":true,"computed":true},"options":{"type":["set","string"],"description_kind":"plain","optional":true,"computed":true},"outbreak_prevention":{"type":"string","description_kind":"plain","optional":true,"computed":true},"quarantine":{"type":"string","description_kind":"plain","optional":true,"computed":true}},"description_kind":"plain"},"max_items":1},"outbreak_prevention":{"nesting_mode":"list","block":{"attributes":{"external_blocklist":{"type":"string","description_kind":"plain","optional":true,"computed":true},"ftgd_service":{"type":"string","description_kind":"plain","optional":true,"computed":true}},"description_kind":"plain"},"max_items":1},"pop3":{"nesting_mode":"list","block":{"attributes":{"archive_block":{"type":["set","string"],"description_kind":"plain","optional":true,"computed":true},"archive_log":{"type":["set","string"],"description_kind":"plain","optional":true,"computed":true},"av_scan":{"type":"string","description_kind":"plain","optional":true,"computed":true},"content_disarm":{"type":"string","description_kind":"plain","optional":true,"computed":true},"emulator":{"type":"string","description_kind":"plain","optional":true,"computed":true},"executables":{"type":"string","description_kind":"plain","optional":true,"computed":true},"external_blocklist":{"type":"string","description_kind":"plain","optional":true,"computed":true},"options":{"type":["set","string"],"description_kind":"plain","optional":true,"computed":true},"outbreak_prevention":{"type":"string","description_kind":"plain","optional":true,"computed":true},"quarantine":{"type":"string","description_kind":"plain","optional":true,"computed":true}},"description_kind":"plain"},"max_items":1},"smtp":{"nesting_mode":"list","block":{"attributes":{"archive_block":{"type":["set","string"],"description_kind":"plain","optional":true,"computed":true},"archive_log":{"type":["set","string"],"description_kind":"plain","optional":true,"computed":true},"av_scan":{"type":"string","description_kind":"plain","optional":true,"computed":true},"content_disarm":{"type":"string","description_kind":"plain","optional":true,"computed":true},"emulator":{"type":"string","description_kind":"plain","optional":true,"computed":true},"executables":{"type":"string","description_kind":"plain","optional":true,"computed":true},"external_blocklist":{"type":"string","description_kind":"plain","optional":true,"computed":true},"options":{"type":["set","string"],"description_kind":"plain","optional":true,"computed":true},"outbreak_prevention":{"type":"string","description_kind":"plain","optional":true,"computed":true},"quarantine":{"type":"string","description_kind":"plain","optional":true,"computed":true}},"description_kind":"plain"},"max_items":1},"ssh":{"nesting_mode":"list","block":{"attributes":{"archive_block":{"type":["set","string"],"description_kind":"plain","optional":true,"computed":true},"archive_log":{"type":["set","string"],"description_kind":"plain","optional":true,"computed":true},"av_scan":{"type":"string","description_kind":"plain","optional":true,"computed":true},"emulator":{"type":"string","description_kind":"plain","optional":true,"computed":true},"external_blocklist":{"type":"string","description_kind":"plain","optional":true,"computed":true},"options":{"type":["set","string"],"description_kind":"plain","optional":true,"computed":true},"outbreak_prevention":{"type":"string","description_kind":"plain","optional":true,"computed":true},"quarantine":{"type":"string","description_kind":"plain","optional":true,"computed":true}},"description_kind":"plain"},"max_items":1}},"description_kind":"plain"}},"fortimanager_object_application_categories":{"version":0,"block":{"attributes":{"adom":{"type":"string","description_kind":"plain","optional":true},"fosid":{"type":"number","description_kind":"plain","optional":true,"computed":true},"id":{"type":"string","description_kind":"plain","optional":true,"computed":true},"scopetype":{"type":"string","description_kind":"plain","optional":true}},"description_kind":"plain"}},"fortimanager_object_application_custom":{"version":0,"block":{"attributes":{"adom":{"type":"string","description_kind":"plain","optional":true},"behavior":{"type":"string","description_kind":"plain","optional":true,"computed":true},"category":{"type":"string","description_kind":"plain","optional":true,"computed":true},"comment":{"type":"string","description_kind":"plain","optional":true,"computed":true},"fosid":{"type":"number","description_kind":"plain","optional":true,"computed":true},"id":{"type":"string","description_kind":"plain","optional":true,"computed":true},"name":{"type":"string","description_kind":"plain","optional":true,"computed":true},"protocol":{"type":"string","description_kind":"plain","optional":true,"computed":true},"scopetype":{"type":"string","description_kind":"plain","optional":true},"signature":{"type":"string","description_kind":"plain","optional":true,"computed":true},"tag":{"type":"string","description_kind":"plain","optional":true,"computed":true},"technology":{"type":"string","description_kind":"plain","optional":true,"computed":true},"vendor":{"type":"string","description_kind":"plain","optional":true,"computed":true}},"description_kind":"plain"}},"fortimanager_object_application_group":{"version":0,"block":{"attributes":{"adom":{"type":"string","description_kind":"plain","optional":true},"application":{"type":["set","number"],"description_kind":"plain","optional":true,"computed":true},"behavior":{"type":"string","description_kind":"plain","optional":true,"computed":true},"category":{"type":["set","number"],"description_kind":"plain","optional":true,"computed":true},"comment":{"type":"string","description_kind":"plain","optional":true,"computed":true},"id":{"type":"string","description_kind":"plain","optional":true,"computed":true},"name":{"type":"string","description_kind":"plain","optional":true,"computed":true},"popularity":{"type":["set","string"],"description_kind":"plain","optional":true,"computed":true},"protocols":{"type":"string","description_kind":"plain","optional":true,"computed":true},"risk":{"type":["set","number"],"description_kind":"plain","optional":true,"computed":true},"scopetype":{"type":"string","description_kind":"plain","optional":true},"technology":{"type":"string","description_kind":"plain","optional":true,"computed":true},"type":{"type":"string","description_kind":"plain","optional":true,"computed":true},"vendor":{"type":"string","description_kind":"plain","optional":true,"computed":true}},"description_kind":"plain"}},"fortimanager_object_application_list":{"version":0,"block":{"attributes":{"adom":{"type":"string","description_kind":"plain","optional":true},"app_replacemsg":{"type":"string","description_kind":"plain","optional":true,"computed":true},"comment":{"type":"string","description_kind":"plain","optional":true,"computed":true},"control_default_network_services":{"type":"string","description_kind":"plain","optional":true,"computed":true},"deep_app_inspection":{"type":"string","description_kind":"plain","optional":true,"computed":true},"dynamic_sort_subtable":{"type":"string","description_kind":"plain","optional":true},"enforce_default_app_port":{"type":"string","description_kind":"plain","optional":true,"computed":true},"extended_log":{"type":"string","description_kind":"plain","optional":true,"computed":true},"force_inclusion_ssl_di_sigs":{"type":"string","description_kind":"plain","optional":true,"computed":true},"id":{"type":"string","description_kind":"plain","optional":true,"computed":true},"name":{"type":"string","description_kind":"plain","optional":true,"computed":true},"options":{"type":["set","string"],"description_kind":"plain","optional":true,"computed":true},"other_application_action":{"type":"string","description_kind":"plain","optional":true,"computed":true},"other_application_log":{"type":"string","description_kind":"plain","optional":true,"computed":true},"p2p_black_list":{"type":["set","string"],"description_kind":"plain","optional":true,"computed":true},"p2p_block_list":{"type":["set","string"],"description_kind":"plain","optional":true,"computed":true},"replacemsg_group":{"type":"string","description_kind":"plain","optional":true,"computed":true},"scopetype":{"type":"string","description_kind":"plain","optional":true},"unknown_application_action":{"type":"string","description_kind":"plain","optional":true,"computed":true},"unknown_application_log":{"type":"string","description_kind":"plain","optional":true,"computed":true}},"block_types":{"default_network_services":{"nesting_mode":"list","block":{"attributes":{"id":{"type":"number","description_kind":"plain","optional":true,"computed":true},"port":{"type":"number","description_kind":"plain","optional":true,"computed":true},"services":{"type":["set","string"],"description_kind":"plain","optional":true,"computed":true},"violation_action":{"type":"string","description_kind":"plain","optional":true,"computed":true}},"description_kind":"plain"}},"entries":{"nesting_mode":"list","block":{"attributes":{"action":{"type":"string","description_kind":"plain","optional":true,"computed":true},"application":{"type":["set","number"],"description_kind":"plain","optional":true,"computed":true},"behavior":{"type":["set","string"],"description_kind":"plain","optional":true,"computed":true},"category":{"type":"string","description_kind":"plain","optional":true,"computed":true},"exclusion":{"type":["set","number"],"description_kind":"plain","optional":true,"computed":true},"id":{"type":"number","description_kind":"plain","optional":true,"computed":true},"log":{"type":"string","description_kind":"plain","optional":true,"computed":true},"log_packet":{"type":"string","description_kind":"plain","optional":true,"computed":true},"per_ip_shaper":{"type":"string","description_kind":"plain","optional":true,"computed":true},"popularity":{"type":["set","string"],"description_kind":"plain","optional":true,"computed":true},"protocols":{"type":["set","string"],"description_kind":"plain","optional":true,"computed":true},"quarantine":{"type":"string","description_kind":"plain","optional":true,"computed":true},"quarantine_expiry":{"type":"string","description_kind":"plain","optional":true,"computed":true},"quarantine_log":{"type":"string","description_kind":"plain","optional":true,"computed":true},"rate_count":{"type":"number","description_kind":"plain","optional":true,"computed":true},"rate_duration":{"type":"number","description_kind":"plain","optional":true,"computed":true},"rate_mode":{"type":"string","description_kind":"plain","optional":true,"computed":true},"rate_track":{"type":"string","description_kind":"plain","optional":true,"computed":true},"risk":{"type":["set","number"],"description_kind":"plain","optional":true,"computed":true},"session_ttl":{"type":"number","description_kind":"plain","optional":true,"computed":true},"shaper":{"type":"string","description_kind":"plain","optional":true,"computed":true},"shaper_reverse":{"type":"string","description_kind":"plain","optional":true,"computed":true},"sub_category":{"type":["set","number"],"description_kind":"plain","optional":true,"computed":true},"technology":{"type":["set","string"],"description_kind":"plain","optional":true,"computed":true},"vendor":{"type":["set","string"],"description_kind":"plain","optional":true,"computed":true}},"block_types":{"parameters":{"nesting_mode":"list","block":{"attributes":{"id":{"type":"number","description_kind":"plain","optional":true,"computed":true},"value":{"type":"string","description_kind":"plain","optional":true,"computed":true}},"block_types":{"members":{"nesting_mode":"list","block":{"attributes":{"id":{"type":"number","description_kind":"plain","optional":true,"computed":true},"name":{"type":"string","description_kind":"plain","optional":true,"computed":true},"value":{"type":"string","description_kind":"plain","optional":true,"computed":true}},"description_kind":"plain"}}},"description_kind":"plain"}}},"description_kind":"plain"}}},"description_kind":"plain"}},"fortimanager_object_authentication_scheme":{"version":0,"block":{"attributes":{"adom":{"type":"string","description_kind":"plain","optional":true},"domain_controller":{"type":"string","description_kind":"plain","optional":true,"computed":true},"ems_device_owner":{"type":"string","description_kind":"plain","optional":true,"computed":true},"fsso_agent_for_ntlm":{"type":"string","description_kind":"plain","optional":true,"computed":true},"fsso_guest":{"type":"string","description_kind":"plain","optional":true,"computed":true},"id":{"type":"string","description_kind":"plain","optional":true,"computed":true},"kerberos_keytab":{"type":"string","description_kind":"plain","optional":true,"computed":true},"method":{"type":["set","string"],"description_kind":"plain","optional":true,"computed":true},"name":{"type":"string","description_kind":"plain","optional":true,"computed":true},"negotiate_ntlm":{"type":"string","description_kind":"plain","optional":true,"computed":true},"require_tfa":{"type":"string","description_kind":"plain","optional":true,"computed":true},"saml_server":{"type":"string","description_kind":"plain","optional":true,"computed":true},"saml_timeout":{"type":"number","description_kind":"plain","optional":true,"computed":true},"scopetype":{"type":"string","description_kind":"plain","optional":true},"ssh_ca":{"type":"string","description_kind":"plain","optional":true,"computed":true},"user_database":{"type":["list","string"],"description_kind":"plain","optional":true,"computed":true}},"description_kind":"plain"}},"fortimanager_object_certificate_template":{"version":0,"block":{"attributes":{"adom":{"type":"string","description_kind":"plain","optional":true},"city":{"type":"string","description_kind":"plain","optional":true,"computed":true},"country":{"type":"string","description_kind":"plain","optional":true,"computed":true},"curve_name":{"type":"string","description_kind":"plain","optional":true,"computed":true},"digest_type":{"type":"string","description_kind":"plain","optional":true,"computed":true},"email":{"type":"string","description_kind":"plain","optional":true,"computed":true},"id":{"type":"string","description_kind":"plain","optional":true,"computed":true},"id_type":{"type":"string","description_kind":"plain","optional":true,"computed":true},"key_size":{"type":"string","description_kind":"plain","optional":true,"computed":true},"key_type":{"type":"string","description_kind":"plain","optional":true,"computed":true},"name":{"type":"string","description_kind":"plain","optional":true,"computed":true},"organization":{"type":"string","description_kind":"plain","optional":true,"computed":true},"organization_unit":{"type":["set","string"],"description_kind":"plain","optional":true,"computed":true},"scep_password":{"type":["set","string"],"description_kind":"plain","optional":true,"computed":true,"sensitive":true},"scep_server":{"type":"string","description_kind":"plain","optional":true,"computed":true},"scopetype":{"type":"string","description_kind":"plain","optional":true},"state":{"type":"string","description_kind":"plain","optional":true,"computed":true},"subject_name":{"type":"string","description_kind":"plain","optional":true,"computed":true},"type":{"type":"string","description_kind":"plain","optional":true,"computed":true}},"description_kind":"plain"}},"fortimanager_object_cifs_profile":{"version":0,"block":{"attributes":{"adom":{"type":"string","description_kind":"plain","optional":true},"domain_controller":{"type":"string","description_kind":"plain","optional":true,"computed":true},"dynamic_sort_subtable":{"type":"string","description_kind":"plain","optional":true},"id":{"type":"string","description_kind":"plain","optional":true,"computed":true},"name":{"type":"string","description_kind":"plain","optional":true,"computed":true},"scopetype":{"type":"string","description_kind":"plain","optional":true},"server_credential_type":{"type":"string","description_kind":"plain","optional":true,"computed":true}},"block_types":{"server_keytab":{"nesting_mode":"list","block":{"attributes":{"keytab":{"type":"string","description_kind":"plain","optional":true,"computed":true},"password":{"type":["set","string"],"description_kind":"plain","optional":true,"computed":true},"principal":{"type":"string","description_kind":"plain","optional":true,"computed":true}},"description_kind":"plain"}}},"description_kind":"plain"}},"fortimanager_object_cli_template":{"version":0,"block":{"attributes":{"adom":{"type":"string","description_kind":"plain","optional":true},"description":{"type":"string","description_kind":"plain","optional":true,"computed":true},"id":{"type":"string","description_kind":"plain","optional":true,"computed":true},"modification_time":{"type":"string","description_kind":"plain","optional":true,"computed":true},"name":{"type":"string","description_kind":"plain","optional":true,"computed":true},"scopetype":{"type":"string","description_kind":"plain","optional":true},"script":{"type":"string","description_kind":"plain","optional":true,"computed":true}},"description_kind":"plain"}},"fortimanager_object_cli_templategroup":{"version":0,"block":{"attributes":{"adom":{"type":"string","description_kind":"plain","optional":true},"description":{"type":"string","description_kind":"plain","optional":true,"computed":true},"id":{"type":"string","description_kind":"plain","optional":true,"computed":true},"member":{"type":["list","string"],"description_kind":"plain","optional":true,"computed":true},"modification_time":{"type":"string","description_kind":"plain","optional":true,"computed":true},"name":{"type":"string","description_kind":"plain","optional":true,"computed":true},"scopetype":{"type":"string","description_kind":"plain","optional":true}},"description_kind":"plain"}},"fortimanager_object_credentialstore_domaincontroller":{"version":0,"block":{"attributes":{"adom":{"type":"string","description_kind":"plain","optional":true},"domain_name":{"type":"string","description_kind":"plain","optional":true,"computed":true},"hostname":{"type":"string","description_kind":"plain","optional":true,"computed":true},"id":{"type":"string","description_kind":"plain","optional":true,"computed":true},"ip":{"type":"string","description_kind":"plain","optional":true,"computed":true},"ip6":{"type":"string","description_kind":"plain","optional":true,"computed":true},"password":{"type":["set","string"],"description_kind":"plain","optional":true,"computed":true},"port":{"type":"number","description_kind":"plain","optional":true,"computed":true},"scopetype":{"type":"string","description_kind":"plain","optional":true},"server_name":{"type":"string","description_kind":"plain","optional":true,"computed":true},"username":{"type":"string","description_kind":"plain","optional":true,"computed":true}},"description_kind":"plain"}},"fortimanager_object_dlp_filepattern":{"version":0,"block":{"attributes":{"adom":{"type":"string","description_kind":"plain","optional":true},"comment":{"type":"string","description_kind":"plain","optional":true,"computed":true},"dynamic_sort_subtable":{"type":"string","description_kind":"plain","optional":true},"fosid":{"type":"number","description_kind":"plain","optional":true,"computed":true},"id":{"type":"string","description_kind":"plain","optional":true,"computed":true},"name":{"type":"string","description_kind":"plain","optional":true,"computed":true},"scopetype":{"type":"string","description_kind":"plain","optional":true}},"block_types":{"entries":{"nesting_mode":"list","block":{"attributes":{"file_type":{"type":"string","description_kind":"plain","optional":true,"computed":true},"filter_type":{"type":"string","description_kind":"plain","optional":true,"computed":true},"pattern":{"type":"string","description_kind":"plain","optional":true,"computed":true}},"description_kind":"plain"}}},"description_kind":"plain"}},"fortimanager_object_dlp_sensitivity":{"version":0,"block":{"attributes":{"adom":{"type":"string","description_kind":"plain","optional":true},"id":{"type":"string","description_kind":"plain","optional":true,"computed":true},"name":{"type":"string","description_kind":"plain","optional":true,"computed":true},"scopetype":{"type":"string","description_kind":"plain","optional":true}},"description_kind":"plain"}},"fortimanager_object_dlp_sensor":{"version":0,"block":{"attributes":{"adom":{"type":"string","description_kind":"plain","optional":true},"comment":{"type":"string","description_kind":"plain","optional":true,"computed":true},"dlp_log":{"type":"string","description_kind":"plain","optional":true,"computed":true},"dynamic_sort_subtable":{"type":"string","description_kind":"plain","optional":true},"extended_log":{"type":"string","description_kind":"plain","optional":true,"computed":true},"feature_set":{"type":"string","description_kind":"plain","optional":true,"computed":true},"full_archive_proto":{"type":["set","string"],"description_kind":"plain","optional":true,"computed":true},"id":{"type":"string","description_kind":"plain","optional":true,"computed":true},"nac_quar_log":{"type":"string","description_kind":"plain","optional":true,"computed":true},"name":{"type":"string","description_kind":"plain","optional":true,"computed":true},"options":{"type":"string","description_kind":"plain","optional":true,"computed":true},"replacemsg_group":{"type":"string","description_kind":"plain","optional":true,"computed":true},"scopetype":{"type":"string","description_kind":"plain","optional":true},"summary_proto":{"type":["set","string"],"description_kind":"plain","optional":true,"computed":true}},"block_types":{"filter":{"nesting_mode":"list","block":{"attributes":{"action":{"type":"string","description_kind":"plain","optional":true,"computed":true},"archive":{"type":"string","description_kind":"plain","optional":true,"computed":true},"company_identifier":{"type":"string","description_kind":"plain","optional":true,"computed":true},"expiry":{"type":"string","description_kind":"plain","optional":true,"computed":true},"file_size":{"type":"number","description_kind":"plain","optional":true,"computed":true},"file_type":{"type":"string","description_kind":"plain","optional":true,"computed":true},"filter_by":{"type":"string","description_kind":"plain","optional":true,"computed":true},"id":{"type":"number","description_kind":"plain","optional":true,"computed":true},"match_percentage":{"type":"number","description_kind":"plain","optional":true,"computed":true},"name":{"type":"string","description_kind":"plain","optional":true,"computed":true},"proto":{"type":["set","string"],"description_kind":"plain","optional":true,"computed":true},"regexp":{"type":"string","description_kind":"plain","optional":true,"computed":true},"sensitivity":{"type":"string","description_kind":"plain","optional":true,"computed":true},"severity":{"type":"string","description_kind":"plain","optional":true,"computed":true},"type":{"type":"string","description_kind":"plain","optional":true,"computed":true}},"description_kind":"plain"}}},"description_kind":"plain"}},"fortimanager_object_dnsfilter_domainfilter":{"version":0,"block":{"attributes":{"adom":{"type":"string","description_kind":"plain","optional":true},"comment":{"type":"string","description_kind":"plain","optional":true,"computed":true},"dynamic_sort_subtable":{"type":"string","description_kind":"plain","optional":true},"fosid":{"type":"number","description_kind":"plain","optional":true,"computed":true},"id":{"type":"string","description_kind":"plain","optional":true,"computed":true},"name":{"type":"string","description_kind":"plain","optional":true,"computed":true},"scopetype":{"type":"string","description_kind":"plain","optional":true}},"block_types":{"entries":{"nesting_mode":"list","block":{"attributes":{"action":{"type":"string","description_kind":"plain","optional":true,"computed":true},"domain":{"type":"string","description_kind":"plain","optional":true,"computed":true},"id":{"type":"number","description_kind":"plain","optional":true,"computed":true},"status":{"type":"string","description_kind":"plain","optional":true,"computed":true},"type":{"type":"string","description_kind":"plain","optional":true,"computed":true}},"description_kind":"plain"}}},"description_kind":"plain"}},"fortimanager_object_dnsfilter_profile":{"version":0,"block":{"attributes":{"adom":{"type":"string","description_kind":"plain","optional":true},"block_action":{"type":"string","description_kind":"plain","optional":true,"computed":true},"block_botnet":{"type":"string","description_kind":"plain","optional":true,"computed":true},"comment":{"type":"string","description_kind":"plain","optional":true,"computed":true},"dynamic_sort_subtable":{"type":"string","description_kind":"plain","optional":true},"external_ip_blocklist":{"type":["list","string"],"description_kind":"plain","optional":true,"computed":true},"id":{"type":"string","description_kind":"plain","optional":true,"computed":true},"log_all_domain":{"type":"string","description_kind":"plain","optional":true,"computed":true},"name":{"type":"string","description_kind":"plain","optional":true,"computed":true},"redirect_portal":{"type":"string","description_kind":"plain","optional":true,"computed":true},"redirect_portal6":{"type":"string","description_kind":"plain","optional":true,"computed":true},"safe_search":{"type":"string","description_kind":"plain","optional":true,"computed":true},"scopetype":{"type":"string","description_kind":"plain","optional":true},"sdns_domain_log":{"type":"string","description_kind":"plain","optional":true,"computed":true},"sdns_ftgd_err_log":{"type":"string","description_kind":"plain","optional":true,"computed":true},"youtube_restrict":{"type":"string","description_kind":"plain","optional":true,"computed":true}},"block_types":{"dns_translation":{"nesting_mode":"list","block":{"attributes":{"addr_type":{"type":"string","description_kind":"plain","optional":true,"computed":true},"dst":{"type":"string","description_kind":"plain","optional":true,"computed":true},"dst6":{"type":"string","description_kind":"plain","optional":true,"computed":true},"id":{"type":"number","description_kind":"plain","optional":true,"computed":true},"netmask":{"type":"string","description_kind":"plain","optional":true,"computed":true},"prefix":{"type":"number","description_kind":"plain","optional":true,"computed":true},"src":{"type":"string","description_kind":"plain","optional":true,"computed":true},"src6":{"type":"string","description_kind":"plain","optional":true,"computed":true},"status":{"type":"string","description_kind":"plain","optional":true,"computed":true}},"description_kind":"plain"}},"domain_filter":{"nesting_mode":"list","block":{"attributes":{"domain_filter_table":{"type":"number","description_kind":"plain","optional":true,"computed":true}},"description_kind":"plain"},"max_items":1},"ftgd_dns":{"nesting_mode":"list","block":{"attributes":{"options":{"type":["set","string"],"description_kind":"plain","optional":true,"computed":true}},"block_types":{"filters":{"nesting_mode":"list","block":{"attributes":{"action":{"type":"string","description_kind":"plain","optional":true,"computed":true},"category":{"type":"string","description_kind":"plain","optional":true,"computed":true},"id":{"type":"number","description_kind":"plain","optional":true,"computed":true},"log":{"type":"string","description_kind":"plain","optional":true,"computed":true}},"description_kind":"plain"}}},"description_kind":"plain"},"max_items":1}},"description_kind":"plain"}},"fortimanager_object_dynamic_address":{"version":0,"block":{"attributes":{"adom":{"type":"string","description_kind":"plain","optional":true},"default":{"type":["list","string"],"description_kind":"plain","optional":true,"computed":true},"description":{"type":"string","description_kind":"plain","optional":true,"computed":true},"dynamic_sort_subtable":{"type":"string","description_kind":"plain","optional":true},"id":{"type":"string","description_kind":"plain","optional":true,"computed":true},"name":{"type":"string","description_kind":"plain","optional":true,"computed":true},"scopetype":{"type":"string","description_kind":"plain","optional":true}},"block_types":{"dynamic_addr_mapping":{"nesting_mode":"list","block":{"attributes":{"addr":{"type":"string","description_kind":"plain","optional":true,"computed":true},"id":{"type":"number","description_kind":"plain","optional":true,"computed":true}},"description_kind":"plain"}}},"description_kind":"plain"}},"fortimanager_object_dynamic_certificate_local":{"version":0,"block":{"attributes":{"adom":{"type":"string","description_kind":"plain","optional":true},"description":{"type":"string","description_kind":"plain","optional":true,"computed":true},"dynamic_sort_subtable":{"type":"string","description_kind":"plain","optional":true},"id":{"type":"string","description_kind":"plain","optional":true,"computed":true},"name":{"type":"string","description_kind":"plain","optional":true,"computed":true},"scopetype":{"type":"string","description_kind":"plain","optional":true}},"block_types":{"dynamic_mapping":{"nesting_mode":"list","block":{"attributes":{"local_cert":{"type":"string","description_kind":"plain","optional":true,"computed":true}},"block_types":{"_scope":{"nesting_mode":"list","block":{"attributes":{"name":{"type":"string","description_kind":"plain","optional":true,"computed":true},"vdom":{"type":"string","description_kind":"plain","optional":true,"computed":true}},"description_kind":"plain"}}},"description_kind":"plain"}}},"description_kind":"plain"}},"fortimanager_object_dynamic_interface":{"version":0,"block":{"attributes":{"adom":{"type":"string","description_kind":"plain","optional":true},"color":{"type":"number","description_kind":"plain","optional":true,"computed":true},"default_mapping":{"type":"string","description_kind":"plain","optional":true,"computed":true},"defmap_intf":{"type":"string","description_kind":"plain","optional":true,"computed":true},"defmap_intrazone_deny":{"type":"string","description_kind":"plain","optional":true,"computed":true},"defmap_zonemember":{"type":["set","string"],"description_kind":"plain","optional":true,"computed":true},"description":{"type":"string","description_kind":"plain","optional":true,"computed":true},"dynamic_sort_subtable":{"type":"string","description_kind":"plain","optional":true},"egress_shaping_profile":{"type":"string","description_kind":"plain","optional":true,"computed":true},"id":{"type":"string","description_kind":"plain","optional":true,"computed":true},"ingress_shaping_profile":{"type":"string","description_kind":"plain","optional":true,"computed":true},"name":{"type":"string","description_kind":"plain","optional":true,"computed":true},"scopetype":{"type":"string","description_kind":"plain","optional":true},"single_intf":{"type":"string","description_kind":"plain","optional":true,"computed":true}},"block_types":{"dynamic_mapping":{"nesting_mode":"list","block":{"attributes":{"egress_shaping_profile":{"type":"string","description_kind":"plain","optional":true,"computed":true},"ingress_shaping_profile":{"type":"string","description_kind":"plain","optional":true,"computed":true},"intrazone_deny":{"type":"string","description_kind":"plain","optional":true,"computed":true},"local_intf":{"type":["set","string"],"description_kind":"plain","optional":true,"computed":true}},"block_types":{"_scope":{"nesting_mode":"list","block":{"attributes":{"name":{"type":"string","description_kind":"plain","optional":true,"computed":true},"vdom":{"type":"string","description_kind":"plain","optional":true,"computed":true}},"description_kind":"plain"}}},"description_kind":"plain"}},"platform_mapping":{"nesting_mode":"list","block":{"attributes":{"egress_shaping_profile":{"type":"string","description_kind":"plain","optional":true,"computed":true},"ingress_shaping_profile":{"type":"string","description_kind":"plain","optional":true,"computed":true},"intf_zone":{"type":"string","description_kind":"plain","optional":true,"computed":true},"intrazone_deny":{"type":"string","description_kind":"plain","optional":true,"computed":true},"name":{"type":"string","description_kind":"plain","optional":true,"computed":true}},"description_kind":"plain"}}},"description_kind":"plain"}},"fortimanager_object_dynamic_ippool":{"version":0,"block":{"attributes":{"adom":{"type":"string","description_kind":"plain","optional":true},"description":{"type":"string","description_kind":"plain","optional":true,"computed":true},"id":{"type":"string","description_kind":"plain","optional":true,"computed":true},"name":{"type":"string","description_kind":"plain","optional":true,"computed":true},"scopetype":{"type":"string","description_kind":"plain","optional":true}},"description_kind":"plain"}},"fortimanager_object_dynamic_multicast_interface":{"version":0,"block":{"attributes":{"adom":{"type":"string","description_kind":"plain","optional":true},"default_mapping":{"type":"string","description_kind":"plain","optional":true,"computed":true},"defmap_intf":{"type":"string","description_kind":"plain","optional":true,"computed":true},"description":{"type":"string","description_kind":"plain","optional":true,"computed":true},"dynamic_sort_subtable":{"type":"string","description_kind":"plain","optional":true},"id":{"type":"string","description_kind":"plain","optional":true,"computed":true},"name":{"type":"string","description_kind":"plain","optional":true,"computed":true},"scopetype":{"type":"string","description_kind":"plain","optional":true}},"block_types":{"dynamic_mapping":{"nesting_mode":"list","block":{"attributes":{"local_intf":{"type":"string","description_kind":"plain","optional":true,"computed":true}},"block_types":{"_scope":{"nesting_mode":"list","block":{"attributes":{"name":{"type":"string","description_kind":"plain","optional":true,"computed":true},"vdom":{"type":"string","description_kind":"plain","optional":true,"computed":true}},"description_kind":"plain"}}},"description_kind":"plain"}}},"description_kind":"plain"}},"fortimanager_object_dynamic_vip":{"version":0,"block":{"attributes":{"adom":{"type":"string","description_kind":"plain","optional":true},"description":{"type":"string","description_kind":"plain","optional":true,"computed":true},"id":{"type":"string","description_kind":"plain","optional":true,"computed":true},"name":{"type":"string","description_kind":"plain","optional":true,"computed":true},"scopetype":{"type":"string","description_kind":"plain","optional":true}},"description_kind":"plain"}},"fortimanager_object_dynamic_vpntunnel":{"version":0,"block":{"attributes":{"adom":{"type":"string","description_kind":"plain","optional":true},"description":{"type":"string","description_kind":"plain","optional":true,"computed":true},"dynamic_sort_subtable":{"type":"string","description_kind":"plain","optional":true},"id":{"type":"string","description_kind":"plain","optional":true,"computed":true},"name":{"type":"string","description_kind":"plain","optional":true,"computed":true},"scopetype":{"type":"string","description_kind":"plain","optional":true}},"block_types":{"dynamic_mapping":{"nesting_mode":"list","block":{"attributes":{"local_ipsec":{"type":"string","description_kind":"plain","optional":true,"computed":true}},"block_types":{"_scope":{"nesting_mode":"list","block":{"attributes":{"name":{"type":"string","description_kind":"plain","optional":true,"computed":true},"vdom":{"type":"string","description_kind":"plain","optional":true,"computed":true}},"description_kind":"plain"}}},"description_kind":"plain"}}},"description_kind":"plain"}},"fortimanager_object_emailfilter_blockallowlist":{"version":0,"block":{"attributes":{"adom":{"type":"string","description_kind":"plain","optional":true},"comment":{"type":"string","description_kind":"plain","optional":true,"computed":true},"dynamic_sort_subtable":{"type":"string","description_kind":"plain","optional":true},"fosid":{"type":"number","description_kind":"plain","optional":true,"computed":true},"id":{"type":"string","description_kind":"plain","optional":true,"computed":true},"name":{"type":"string","description_kind":"plain","optional":true,"computed":true},"scopetype":{"type":"string","description_kind":"plain","optional":true}},"block_types":{"entries":{"nesting_mode":"list","block":{"attributes":{"action":{"type":"string","description_kind":"plain","optional":true,"computed":true},"addr_type":{"type":"string","description_kind":"plain","optional":true,"computed":true},"email_pattern":{"type":"string","description_kind":"plain","optional":true,"computed":true},"id":{"type":"number","description_kind":"plain","optional":true,"computed":true},"ip4_subnet":{"type":"string","description_kind":"plain","optional":true,"computed":true},"ip6_subnet":{"type":"string","description_kind":"plain","optional":true,"computed":true},"pattern_type":{"type":"string","description_kind":"plain","optional":true,"computed":true},"status":{"type":"string","description_kind":"plain","optional":true,"computed":true},"type":{"type":"string","description_kind":"plain","optional":true,"computed":true}},"description_kind":"plain"}}},"description_kind":"plain"}},"fortimanager_object_emailfilter_bwl":{"version":0,"block":{"attributes":{"adom":{"type":"string","description_kind":"plain","optional":true},"comment":{"type":"string","description_kind":"plain","optional":true,"computed":true},"dynamic_sort_subtable":{"type":"string","description_kind":"plain","optional":true},"fosid":{"type":"number","description_kind":"plain","optional":true,"computed":true},"id":{"type":"string","description_kind":"plain","optional":true,"computed":true},"name":{"type":"string","description_kind":"plain","optional":true,"computed":true},"scopetype":{"type":"string","description_kind":"plain","optional":true}},"block_types":{"entries":{"nesting_mode":"list","block":{"attributes":{"action":{"type":"string","description_kind":"plain","optional":true,"computed":true},"addr_type":{"type":"string","description_kind":"plain","optional":true,"computed":true},"email_pattern":{"type":"string","description_kind":"plain","optional":true,"computed":true},"id":{"type":"number","description_kind":"plain","optional":true,"computed":true},"ip4_subnet":{"type":"string","description_kind":"plain","optional":true,"computed":true},"ip6_subnet":{"type":"string","description_kind":"plain","optional":true,"computed":true},"pattern_type":{"type":"string","description_kind":"plain","optional":true,"computed":true},"status":{"type":"string","description_kind":"plain","optional":true,"computed":true},"type":{"type":"string","description_kind":"plain","optional":true,"computed":true}},"description_kind":"plain"}}},"description_kind":"plain"}},"fortimanager_object_emailfilter_bword":{"version":0,"block":{"attributes":{"adom":{"type":"string","description_kind":"plain","optional":true},"comment":{"type":"string","description_kind":"plain","optional":true,"computed":true},"dynamic_sort_subtable":{"type":"string","description_kind":"plain","optional":true},"fosid":{"type":"number","description_kind":"plain","optional":true,"computed":true},"id":{"type":"string","description_kind":"plain","optional":true,"computed":true},"name":{"type":"string","description_kind":"plain","optional":true,"computed":true},"scopetype":{"type":"string","description_kind":"plain","optional":true}},"block_types":{"entries":{"nesting_mode":"list","block":{"attributes":{"action":{"type":"string","description_kind":"plain","optional":true,"computed":true},"id":{"type":"number","description_kind":"plain","optional":true,"computed":true},"language":{"type":"string","description_kind":"plain","optional":true,"computed":true},"pattern":{"type":"string","description_kind":"plain","optional":true,"computed":true},"pattern_type":{"type":"string","description_kind":"plain","optional":true,"computed":true},"score":{"type":"number","description_kind":"plain","optional":true,"computed":true},"status":{"type":"string","description_kind":"plain","optional":true,"computed":true},"where":{"type":"string","description_kind":"plain","optional":true,"computed":true}},"description_kind":"plain"}}},"description_kind":"plain"}},"fortimanager_object_emailfilter_dnsbl":{"version":0,"block":{"attributes":{"adom":{"type":"string","description_kind":"plain","optional":true},"comment":{"type":"string","description_kind":"plain","optional":true,"computed":true},"dynamic_sort_subtable":{"type":"string","description_kind":"plain","optional":true},"fosid":{"type":"number","description_kind":"plain","optional":true,"computed":true},"id":{"type":"string","description_kind":"plain","optional":true,"computed":true},"name":{"type":"string","description_kind":"plain","optional":true,"computed":true},"scopetype":{"type":"string","description_kind":"plain","optional":true}},"block_types":{"entries":{"nesting_mode":"list","block":{"attributes":{"action":{"type":"string","description_kind":"plain","optional":true,"computed":true},"id":{"type":"number","description_kind":"plain","optional":true,"computed":true},"server":{"type":"string","description_kind":"plain","optional":true,"computed":true},"status":{"type":"string","description_kind":"plain","optional":true,"computed":true}},"description_kind":"plain"}}},"description_kind":"plain"}},"fortimanager_object_emailfilter_fortishield":{"version":0,"block":{"attributes":{"adom":{"type":"string","description_kind":"plain","optional":true},"id":{"type":"string","description_kind":"plain","optional":true,"computed":true},"scopetype":{"type":"string","description_kind":"plain","optional":true},"spam_submit_force":{"type":"string","description_kind":"plain","optional":true,"computed":true},"spam_submit_srv":{"type":"string","description_kind":"plain","optional":true,"computed":true},"spam_submit_txt2htm":{"type":"string","description_kind":"plain","optional":true,"computed":true}},"description_kind":"plain"}},"fortimanager_object_emailfilter_iptrust":{"version":0,"block":{"attributes":{"adom":{"type":"string","description_kind":"plain","optional":true},"comment":{"type":"string","description_kind":"plain","optional":true,"computed":true},"dynamic_sort_subtable":{"type":"string","description_kind":"plain","optional":true},"fosid":{"type":"number","description_kind":"plain","optional":true,"computed":true},"id":{"type":"string","description_kind":"plain","optional":true,"computed":true},"name":{"type":"string","description_kind":"plain","optional":true,"computed":true},"scopetype":{"type":"string","description_kind":"plain","optional":true}},"block_types":{"entries":{"nesting_mode":"list","block":{"attributes":{"addr_type":{"type":"string","description_kind":"plain","optional":true,"computed":true},"id":{"type":"number","description_kind":"plain","optional":true,"computed":true},"ip4_subnet":{"type":"string","description_kind":"plain","optional":true,"computed":true},"ip6_subnet":{"type":"string","description_kind":"plain","optional":true,"computed":true},"status":{"type":"string","description_kind":"plain","optional":true,"computed":true}},"description_kind":"plain"}}},"description_kind":"plain"}},"fortimanager_object_emailfilter_mheader":{"version":0,"block":{"attributes":{"adom":{"type":"string","description_kind":"plain","optional":true},"comment":{"type":"string","description_kind":"plain","optional":true,"computed":true},"dynamic_sort_subtable":{"type":"string","description_kind":"plain","optional":true},"fosid":{"type":"number","description_kind":"plain","optional":true,"computed":true},"id":{"type":"string","description_kind":"plain","optional":true,"computed":true},"name":{"type":"string","description_kind":"plain","optional":true,"computed":true},"scopetype":{"type":"string","description_kind":"plain","optional":true}},"block_types":{"entries":{"nesting_mode":"list","block":{"attributes":{"action":{"type":"string","description_kind":"plain","optional":true,"computed":true},"fieldbody":{"type":"string","description_kind":"plain","optional":true,"computed":true},"fieldname":{"type":"string","description_kind":"plain","optional":true,"computed":true},"id":{"type":"number","description_kind":"plain","optional":true,"computed":true},"pattern_type":{"type":"string","description_kind":"plain","optional":true,"computed":true},"status":{"type":"string","description_kind":"plain","optional":true,"computed":true}},"description_kind":"plain"}}},"description_kind":"plain"}},"fortimanager_object_emailfilter_options":{"version":0,"block":{"attributes":{"adom":{"type":"string","description_kind":"plain","optional":true},"dns_timeout":{"type":"number","description_kind":"plain","optional":true,"computed":true},"id":{"type":"string","description_kind":"plain","optional":true,"computed":true},"scopetype":{"type":"string","description_kind":"plain","optional":true}},"description_kind":"plain"}},"fortimanager_object_emailfilter_profile":{"version":0,"block":{"attributes":{"adom":{"type":"string","description_kind":"plain","optional":true},"comment":{"type":"string","description_kind":"plain","optional":true,"computed":true},"external":{"type":"string","description_kind":"plain","optional":true,"computed":true},"feature_set":{"type":"string","description_kind":"plain","optional":true,"computed":true},"id":{"type":"string","description_kind":"plain","optional":true,"computed":true},"name":{"type":"string","description_kind":"plain","optional":true,"computed":true},"options":{"type":["set","string"],"description_kind":"plain","optional":true,"computed":true},"replacemsg_group":{"type":"string","description_kind":"plain","optional":true,"computed":true},"scopetype":{"type":"string","description_kind":"plain","optional":true},"spam_bal_table":{"type":"string","description_kind":"plain","optional":true,"computed":true},"spam_bwl_table":{"type":"string","description_kind":"plain","optional":true,"computed":true},"spam_bword_table":{"type":"string","description_kind":"plain","optional":true,"computed":true},"spam_bword_threshold":{"type":"number","description_kind":"plain","optional":true,"computed":true},"spam_filtering":{"type":"string","description_kind":"plain","optional":true,"computed":true},"spam_iptrust_table":{"type":"string","description_kind":"plain","optional":true,"computed":true},"spam_log":{"type":"string","description_kind":"plain","optional":true,"computed":true},"spam_log_fortiguard_response":{"type":"string","description_kind":"plain","optional":true,"computed":true},"spam_mheader_table":{"type":"string","description_kind":"plain","optional":true,"computed":true},"spam_rbl_table":{"type":"string","description_kind":"plain","optional":true,"computed":true}},"block_types":{"gmail":{"nesting_mode":"list","block":{"attributes":{"log":{"type":"string","description_kind":"plain","optional":true,"computed":true},"log_all":{"type":"string","description_kind":"plain","optional":true,"computed":true}},"description_kind":"plain"},"max_items":1},"imap":{"nesting_mode":"list","block":{"attributes":{"action":{"type":"string","description_kind":"plain","optional":true,"computed":true},"log":{"type":"string","description_kind":"plain","optional":true,"computed":true},"log_all":{"type":"string","description_kind":"plain","optional":true,"computed":true},"tag_msg":{"type":"string","description_kind":"plain","optional":true,"computed":true},"tag_type":{"type":["set","string"],"description_kind":"plain","optional":true,"computed":true}},"description_kind":"plain"},"max_items":1},"mapi":{"nesting_mode":"list","block":{"attributes":{"action":{"type":"string","description_kind":"plain","optional":true,"computed":true},"log":{"type":"string","description_kind":"plain","optional":true,"computed":true},"log_all":{"type":"string","description_kind":"plain","optional":true,"computed":true}},"description_kind":"plain"},"max_items":1},"msn_hotmail":{"nesting_mode":"list","block":{"attributes":{"log":{"type":"string","description_kind":"plain","optional":true,"computed":true},"log_all":{"type":"string","description_kind":"plain","optional":true,"computed":true}},"description_kind":"plain"},"max_items":1},"other_webmails":{"nesting_mode":"list","block":{"attributes":{"log_all":{"type":"string","description_kind":"plain","optional":true,"computed":true}},"description_kind":"plain"},"max_items":1},"pop3":{"nesting_mode":"list","block":{"attributes":{"action":{"type":"string","description_kind":"plain","optional":true,"computed":true},"log":{"type":"string","description_kind":"plain","optional":true,"computed":true},"log_all":{"type":"string","description_kind":"plain","optional":true,"computed":true},"tag_msg":{"type":"string","description_kind":"plain","optional":true,"computed":true},"tag_type":{"type":["set","string"],"description_kind":"plain","optional":true,"computed":true}},"description_kind":"plain"},"max_items":1},"smtp":{"nesting_mode":"list","block":{"attributes":{"action":{"type":"string","description_kind":"plain","optional":true,"computed":true},"hdrip":{"type":"string","description_kind":"plain","optional":true,"computed":true},"local_override":{"type":"string","description_kind":"plain","optional":true,"computed":true},"log":{"type":"string","description_kind":"plain","optional":true,"computed":true},"log_all":{"type":"string","description_kind":"plain","optional":true,"computed":true},"tag_msg":{"type":"string","description_kind":"plain","optional":true,"computed":true},"tag_type":{"type":["set","string"],"description_kind":"plain","optional":true,"computed":true}},"description_kind":"plain"},"max_items":1}},"description_kind":"plain"}},"fortimanager_object_extendercontroller_dataplan":{"version":0,"block":{"attributes":{"adom":{"type":"string","description_kind":"plain","optional":true},"apn":{"type":"string","description_kind":"plain","optional":true,"computed":true},"auth_type":{"type":"string","description_kind":"plain","optional":true,"computed":true},"billing_date":{"type":"number","description_kind":"plain","optional":true,"computed":true},"capacity":{"type":"number","description_kind":"plain","optional":true,"computed":true},"carrier":{"type":"string","description_kind":"plain","optional":true,"computed":true},"iccid":{"type":"string","description_kind":"plain","optional":true,"computed":true},"id":{"type":"string","description_kind":"plain","optional":true,"computed":true},"modem_id":{"type":"string","description_kind":"plain","optional":true,"computed":true},"monthly_fee":{"type":"number","description_kind":"plain","optional":true,"computed":true},"name":{"type":"string","description_kind":"plain","optional":true,"computed":true},"overage":{"type":"string","description_kind":"plain","optional":true,"computed":true},"password":{"type":["set","string"],"description_kind":"plain","optional":true,"computed":true,"sensitive":true},"pdn":{"type":"string","description_kind":"plain","optional":true,"computed":true},"preferred_subnet":{"type":"number","description_kind":"plain","optional":true,"computed":true},"private_network":{"type":"string","description_kind":"plain","optional":true,"computed":true},"scopetype":{"type":"string","description_kind":"plain","optional":true},"signal_period":{"type":"number","description_kind":"plain","optional":true,"computed":true},"signal_threshold":{"type":"number","description_kind":"plain","optional":true,"computed":true},"slot":{"type":"string","description_kind":"plain","optional":true,"computed":true},"status":{"type":"string","description_kind":"plain","optional":true,"computed":true},"type":{"type":"string","description_kind":"plain","optional":true,"computed":true},"username":{"type":"string","description_kind":"plain","optional":true,"computed":true}},"description_kind":"plain"}},"fortimanager_object_extendercontroller_sim_profile":{"version":0,"block":{"attributes":{"adom":{"type":"string","description_kind":"plain","optional":true},"conn_status":{"type":"number","description_kind":"plain","optional":true,"computed":true},"default_sim":{"type":"string","description_kind":"plain","optional":true,"computed":true},"description":{"type":"string","description_kind":"plain","optional":true,"computed":true},"gps":{"type":"string","description_kind":"plain","optional":true,"computed":true},"id":{"type":"string","description_kind":"plain","optional":true,"computed":true},"modem_id":{"type":"number","description_kind":"plain","optional":true,"computed":true},"name":{"type":"string","description_kind":"plain","optional":true,"computed":true},"preferred_carrier":{"type":"string","description_kind":"plain","optional":true,"computed":true},"redundant_intf":{"type":"string","description_kind":"plain","optional":true,"computed":true},"redundant_mode":{"type":"string","description_kind":"plain","optional":true,"computed":true},"scopetype":{"type":"string","description_kind":"plain","optional":true},"sim1_pin":{"type":"string","description_kind":"plain","optional":true,"computed":true},"sim1_pin_code":{"type":["set","string"],"description_kind":"plain","optional":true,"computed":true},"sim2_pin":{"type":"string","description_kind":"plain","optional":true,"computed":true},"sim2_pin_code":{"type":["set","string"],"description_kind":"plain","optional":true,"computed":true},"status":{"type":"string","description_kind":"plain","optional":true,"computed":true}},"block_types":{"auto_switch_profile":{"nesting_mode":"list","block":{"attributes":{"dataplan":{"type":"string","description_kind":"plain","optional":true,"computed":true},"disconnect":{"type":"string","description_kind":"plain","optional":true,"computed":true},"disconnect_period":{"type":"number","description_kind":"plain","optional":true,"computed":true},"disconnect_threshold":{"type":"number","description_kind":"plain","optional":true,"computed":true},"signal":{"type":"string","description_kind":"plain","optional":true,"computed":true},"status":{"type":"string","description_kind":"plain","optional":true,"computed":true},"switch_back":{"type":["set","string"],"description_kind":"plain","optional":true,"computed":true},"switch_back_time":{"type":"string","description_kind":"plain","optional":true,"computed":true},"switch_back_timer":{"type":"number","description_kind":"plain","optional":true,"computed":true}},"description_kind":"plain"},"max_items":1}},"description_kind":"plain"}},"fortimanager_object_extendercontroller_template":{"version":0,"block":{"attributes":{"adom":{"type":"string","description_kind":"plain","optional":true},"dataplan":{"type":"string","description_kind":"plain","optional":true,"computed":true},"description":{"type":"string","description_kind":"plain","optional":true,"computed":true},"id":{"type":"string","description_kind":"plain","optional":true,"computed":true},"modem1_ifname":{"type":"string","description_kind":"plain","optional":true,"computed":true},"modem1_sim_profile":{"type":"string","description_kind":"plain","optional":true,"computed":true},"modem2_ifname":{"type":"string","description_kind":"plain","optional":true,"computed":true},"modem2_sim_profile":{"type":"string","description_kind":"plain","optional":true,"computed":true},"name":{"type":"string","description_kind":"plain","optional":true,"computed":true},"scopetype":{"type":"string","description_kind":"plain","optional":true}},"description_kind":"plain"}},"fortimanager_object_filefilter_profile":{"version":0,"block":{"attributes":{"adom":{"type":"string","description_kind":"plain","optional":true},"comment":{"type":"string","description_kind":"plain","optional":true,"computed":true},"dynamic_sort_subtable":{"type":"string","description_kind":"plain","optional":true},"extended_log":{"type":"string","description_kind":"plain","optional":true,"computed":true},"feature_set":{"type":"string","description_kind":"plain","optional":true,"computed":true},"id":{"type":"string","description_kind":"plain","optional":true,"computed":true},"log":{"type":"string","description_kind":"plain","optional":true,"computed":true},"name":{"type":"string","description_kind":"plain","optional":true,"computed":true},"replacemsg_group":{"type":"string","description_kind":"plain","optional":true,"computed":true},"scan_archive_contents":{"type":"string","description_kind":"plain","optional":true,"computed":true},"scopetype":{"type":"string","description_kind":"plain","optional":true}},"block_types":{"rules":{"nesting_mode":"list","block":{"attributes":{"action":{"type":"string","description_kind":"plain","optional":true,"computed":true},"comment":{"type":"string","description_kind":"plain","optional":true,"computed":true},"direction":{"type":"string","description_kind":"plain","optional":true,"computed":true},"file_type":{"type":["set","string"],"description_kind":"plain","optional":true,"computed":true},"name":{"type":"string","description_kind":"plain","optional":true,"computed":true},"password_protected":{"type":"string","description_kind":"plain","optional":true,"computed":true},"protocol":{"type":["set","string"],"description_kind":"plain","optional":true,"computed":true}},"description_kind":"plain"}}},"description_kind":"plain"}},"fortimanager_object_firewall_accessproxy":{"version":0,"block":{"attributes":{"adom":{"type":"string","description_kind":"plain","optional":true},"client_cert":{"type":"string","description_kind":"plain","optional":true,"computed":true},"dynamic_sort_subtable":{"type":"string","description_kind":"plain","optional":true},"empty_cert_action":{"type":"string","description_kind":"plain","optional":true,"computed":true},"id":{"type":"string","description_kind":"plain","optional":true,"computed":true},"ldb_method":{"type":"string","description_kind":"plain","optional":true,"computed":true},"name":{"type":"string","description_kind":"plain","optional":true,"computed":true},"scopetype":{"type":"string","description_kind":"plain","optional":true},"server_pubkey_auth":{"type":"string","description_kind":"plain","optional":true,"computed":true},"vip":{"type":"string","description_kind":"plain","optional":true,"computed":true}},"block_types":{"api_gateway":{"nesting_mode":"list","block":{"attributes":{"http_cookie_age":{"type":"number","description_kind":"plain","optional":true,"computed":true},"http_cookie_domain":{"type":"string","description_kind":"plain","optional":true,"computed":true},"http_cookie_domain_from_host":{"type":"string","description_kind":"plain","optional":true,"computed":true},"http_cookie_generation":{"type":"number","description_kind":"plain","optional":true,"computed":true},"http_cookie_path":{"type":"string","description_kind":"plain","optional":true,"computed":true},"http_cookie_share":{"type":"string","description_kind":"plain","optional":true,"computed":true},"https_cookie_secure":{"type":"string","description_kind":"plain","optional":true,"computed":true},"id":{"type":"number","description_kind":"plain","optional":true,"computed":true},"ldb_method":{"type":"string","description_kind":"plain","optional":true,"computed":true},"persistence":{"type":"string","description_kind":"plain","optional":true,"computed":true},"saml_server":{"type":"string","description_kind":"plain","optional":true,"computed":true},"service":{"type":"string","description_kind":"plain","optional":true,"computed":true},"ssl_algorithm":{"type":"string","description_kind":"plain","optional":true,"computed":true},"ssl_dh_bits":{"type":"string","description_kind":"plain","optional":true,"computed":true},"ssl_max_version":{"type":"string","description_kind":"plain","optional":true,"computed":true},"ssl_min_version":{"type":"string","description_kind":"plain","optional":true,"computed":true},"url_map":{"type":"string","description_kind":"plain","optional":true,"computed":true},"url_map_type":{"type":"string","description_kind":"plain","optional":true,"computed":true},"virtual_host":{"type":"string","description_kind":"plain","optional":true,"computed":true}},"block_types":{"realservers":{"nesting_mode":"list","block":{"attributes":{"address":{"type":"string","description_kind":"plain","optional":true,"computed":true},"health_check":{"type":"string","description_kind":"plain","optional":true,"computed":true},"health_check_proto":{"type":"string","description_kind":"plain","optional":true,"computed":true},"http_host":{"type":"string","description_kind":"plain","optional":true,"computed":true},"id":{"type":"number","description_kind":"plain","optional":true,"computed":true},"ip":{"type":"string","description_kind":"plain","optional":true,"computed":true},"mappedport":{"type":"string","description_kind":"plain","optional":true,"computed":true},"port":{"type":"number","description_kind":"plain","optional":true,"computed":true},"status":{"type":"string","description_kind":"plain","optional":true,"computed":true},"weight":{"type":"number","description_kind":"plain","optional":true,"computed":true}},"description_kind":"plain"}},"ssl_cipher_suites":{"nesting_mode":"list","block":{"attributes":{"cipher":{"type":"string","description_kind":"plain","optional":true,"computed":true},"priority":{"type":"number","description_kind":"plain","optional":true,"computed":true},"versions":{"type":["set","string"],"description_kind":"plain","optional":true,"computed":true}},"description_kind":"plain"}}},"description_kind":"plain"}},"realservers":{"nesting_mode":"list","block":{"attributes":{"id":{"type":"number","description_kind":"plain","optional":true,"computed":true},"ip":{"type":"string","description_kind":"plain","optional":true,"computed":true},"port":{"type":"number","description_kind":"plain","optional":true,"computed":true},"status":{"type":"string","description_kind":"plain","optional":true,"computed":true},"weight":{"type":"number","description_kind":"plain","optional":true,"computed":true}},"description_kind":"plain"}},"server_pubkey_auth_settings":{"nesting_mode":"list","block":{"attributes":{"auth_ca":{"type":"string","description_kind":"plain","optional":true,"computed":true},"permit_agent_forwarding":{"type":"string","description_kind":"plain","optional":true,"computed":true},"permit_port_forwarding":{"type":"string","description_kind":"plain","optional":true,"computed":true},"permit_pty":{"type":"string","description_kind":"plain","optional":true,"computed":true},"permit_user_rc":{"type":"string","description_kind":"plain","optional":true,"computed":true},"permit_x11_forwarding":{"type":"string","description_kind":"plain","optional":true,"computed":true},"source_address":{"type":"string","description_kind":"plain","optional":true,"computed":true}},"block_types":{"cert_extension":{"nesting_mode":"list","block":{"attributes":{"critical":{"type":"string","description_kind":"plain","optional":true,"computed":true},"data":{"type":"string","description_kind":"plain","optional":true,"computed":true},"name":{"type":"string","description_kind":"plain","optional":true,"computed":true},"type":{"type":"string","description_kind":"plain","optional":true,"computed":true}},"description_kind":"plain"}}},"description_kind":"plain"},"max_items":1}},"description_kind":"plain"}},"fortimanager_object_firewall_accessproxy_move":{"version":0,"block":{"attributes":{"access_proxy":{"type":"string","description_kind":"plain","required":true},"adom":{"type":"string","description_kind":"plain","optional":true},"id":{"type":"string","description_kind":"plain","optional":true,"computed":true},"option":{"type":"string","description_kind":"plain","required":true},"scopetype":{"type":"string","description_kind":"plain","optional":true},"state_pos":{"type":"string","description_kind":"plain","optional":true},"target":{"type":"string","description_kind":"plain","required":true}},"description_kind":"plain"}},"fortimanager_object_firewall_address":{"version":0,"block":{"attributes":{"_image_base64":{"type":"string","description_kind":"plain","optional":true,"computed":true},"adom":{"type":"string","description_kind":"plain","optional":true},"allow_routing":{"type":"string","description_kind":"plain","optional":true,"computed":true},"associated_interface":{"type":"string","description_kind":"plain","optional":true,"computed":true},"cache_ttl":{"type":"number","description_kind":"plain","optional":true,"computed":true},"clearpass_spt":{"type":"string","description_kind":"plain","optional":true,"computed":true},"color":{"type":"number","description_kind":"plain","optional":true,"computed":true},"comment":{"type":"string","description_kind":"plain","optional":true,"computed":true},"country":{"type":"string","description_kind":"plain","optional":true,"computed":true},"dynamic_sort_subtable":{"type":"string","description_kind":"plain","optional":true},"end_ip":{"type":"string","description_kind":"plain","optional":true,"computed":true},"end_mac":{"type":"string","description_kind":"plain","optional":true,"computed":true},"epg_name":{"type":"string","description_kind":"plain","optional":true,"computed":true},"fabric_object":{"type":"string","description_kind":"plain","optional":true,"computed":true},"filter":{"type":"string","description_kind":"plain","optional":true,"computed":true},"fqdn":{"type":"string","description_kind":"plain","optional":true,"computed":true},"fsso_group":{"type":"string","description_kind":"plain","optional":true,"computed":true},"global_object":{"type":"number","description_kind":"plain","optional":true,"computed":true},"id":{"type":"string","description_kind":"plain","optional":true,"computed":true},"interface":{"type":"string","description_kind":"plain","optional":true,"computed":true},"macaddr":{"type":["set","string"],"description_kind":"plain","optional":true,"computed":true},"name":{"type":"string","description_kind":"plain","optional":true,"computed":true},"node_ip_only":{"type":"string","description_kind":"plain","optional":true,"computed":true},"obj_id":{"type":"string","description_kind":"plain","optional":true,"computed":true},"obj_tag":{"type":"string","description_kind":"plain","optional":true,"computed":true},"obj_type":{"type":"string","description_kind":"plain","optional":true,"computed":true},"organization":{"type":"string","description_kind":"plain","optional":true,"computed":true},"policy_group":{"type":"string","description_kind":"plain","optional":true,"computed":true},"scopetype":{"type":"string","description_kind":"plain","optional":true},"sdn":{"type":"string","description_kind":"plain","optional":true,"computed":true},"sdn_addr_type":{"type":"string","description_kind":"plain","optional":true,"computed":true},"sdn_tag":{"type":"string","description_kind":"plain","optional":true,"computed":true},"start_ip":{"type":"string","description_kind":"plain","optional":true,"computed":true},"start_mac":{"type":"string","description_kind":"plain","optional":true,"computed":true},"sub_type":{"type":"string","description_kind":"plain","optional":true,"computed":true},"subnet":{"type":["list","string"],"description_kind":"plain","optional":true,"computed":true},"subnet_name":{"type":"string","description_kind":"plain","optional":true,"computed":true},"tenant":{"type":"string","description_kind":"plain","optional":true,"computed":true},"type":{"type":"string","description_kind":"plain","optional":true,"computed":true},"uuid":{"type":"string","description_kind":"plain","optional":true,"computed":true},"visibility":{"type":"string","description_kind":"plain","optional":true,"computed":true},"wildcard":{"type":"string","description_kind":"plain","optional":true,"computed":true},"wildcard_fqdn":{"type":"string","description_kind":"plain","optional":true,"computed":true}},"block_types":{"dynamic_mapping":{"nesting_mode":"list","block":{"attributes":{"_image_base64":{"type":"string","description_kind":"plain","optional":true,"computed":true},"allow_routing":{"type":"string","description_kind":"plain","optional":true,"computed":true},"associated_interface":{"type":"string","description_kind":"plain","optional":true,"computed":true},"cache_ttl":{"type":"number","description_kind":"plain","optional":true,"computed":true},"clearpass_spt":{"type":"string","description_kind":"plain","optional":true,"computed":true},"color":{"type":"number","description_kind":"plain","optional":true,"computed":true},"comment":{"type":"string","description_kind":"plain","optional":true,"computed":true},"country":{"type":"string","description_kind":"plain","optional":true,"computed":true},"end_ip":{"type":"string","description_kind":"plain","optional":true,"computed":true},"end_mac":{"type":"string","description_kind":"plain","optional":true,"computed":true},"epg_name":{"type":"string","description_kind":"plain","optional":true,"computed":true},"fabric_object":{"type":"string","description_kind":"plain","optional":true,"computed":true},"filter":{"type":"string","description_kind":"plain","optional":true,"computed":true},"fqdn":{"type":"string","description_kind":"plain","optional":true,"computed":true},"fsso_group":{"type":"string","description_kind":"plain","optional":true,"computed":true},"global_object":{"type":"number","description_kind":"plain","optional":true,"computed":true},"interface":{"type":"string","description_kind":"plain","optional":true,"computed":true},"macaddr":{"type":["set","string"],"description_kind":"plain","optional":true,"computed":true},"node_ip_only":{"type":"string","description_kind":"plain","optional":true,"computed":true},"obj_id":{"type":"string","description_kind":"plain","optional":true,"computed":true},"obj_tag":{"type":"string","description_kind":"plain","optional":true,"computed":true},"obj_type":{"type":"string","description_kind":"plain","optional":true,"computed":true},"organization":{"type":"string","description_kind":"plain","optional":true,"computed":true},"policy_group":{"type":"string","description_kind":"plain","optional":true,"computed":true},"sdn":{"type":"string","description_kind":"plain","optional":true,"computed":true},"sdn_addr_type":{"type":"string","description_kind":"plain","optional":true,"computed":true},"sdn_tag":{"type":"string","description_kind":"plain","optional":true,"computed":true},"start_ip":{"type":"string","description_kind":"plain","optional":true,"computed":true},"start_mac":{"type":"string","description_kind":"plain","optional":true,"computed":true},"sub_type":{"type":"string","description_kind":"plain","optional":true,"computed":true},"subnet":{"type":"string","description_kind":"plain","optional":true,"computed":true},"subnet_name":{"type":"string","description_kind":"plain","optional":true,"computed":true},"tags":{"type":"string","description_kind":"plain","optional":true,"computed":true},"tenant":{"type":"string","description_kind":"plain","optional":true,"computed":true},"type":{"type":"string","description_kind":"plain","optional":true,"computed":true},"url":{"type":"string","description_kind":"plain","optional":true,"computed":true},"uuid":{"type":"string","description_kind":"plain","optional":true,"computed":true},"visibility":{"type":"string","description_kind":"plain","optional":true,"computed":true},"wildcard":{"type":"string","description_kind":"plain","optional":true,"computed":true},"wildcard_fqdn":{"type":"string","description_kind":"plain","optional":true,"computed":true}},"block_types":{"_scope":{"nesting_mode":"list","block":{"attributes":{"name":{"type":"string","description_kind":"plain","optional":true,"computed":true},"vdom":{"type":"string","description_kind":"plain","optional":true,"computed":true}},"description_kind":"plain"}}},"description_kind":"plain"}},"list":{"nesting_mode":"list","block":{"attributes":{"ip":{"type":"string","description_kind":"plain","optional":true,"computed":true},"net_id":{"type":"string","description_kind":"plain","optional":true,"computed":true},"obj_id":{"type":"string","description_kind":"plain","optional":true,"computed":true}},"description_kind":"plain"}},"tagging":{"nesting_mode":"list","block":{"attributes":{"category":{"type":"string","description_kind":"plain","optional":true,"computed":true},"name":{"type":"string","description_kind":"plain","optional":true,"computed":true},"tags":{"type":["set","string"],"description_kind":"plain","optional":true,"computed":true}},"description_kind":"plain"}}},"description_kind":"plain"}},"fortimanager_object_firewall_address6":{"version":0,"block":{"attributes":{"_image_base64":{"type":"string","description_kind":"plain","optional":true,"computed":true},"adom":{"type":"string","description_kind":"plain","optional":true},"cache_ttl":{"type":"number","description_kind":"plain","optional":true,"computed":true},"color":{"type":"number","description_kind":"plain","optional":true,"computed":true},"comment":{"type":"string","description_kind":"plain","optional":true,"computed":true},"country":{"type":"string","description_kind":"plain","optional":true,"computed":true},"dynamic_sort_subtable":{"type":"string","description_kind":"plain","optional":true},"end_ip":{"type":"string","description_kind":"plain","optional":true,"computed":true},"end_mac":{"type":"string","description_kind":"plain","optional":true,"computed":true},"fabric_object":{"type":"string","description_kind":"plain","optional":true,"computed":true},"fqdn":{"type":"string","description_kind":"plain","optional":true,"computed":true},"global_object":{"type":"number","description_kind":"plain","optional":true,"computed":true},"host":{"type":"string","description_kind":"plain","optional":true,"computed":true},"host_type":{"type":"string","description_kind":"plain","optional":true,"computed":true},"id":{"type":"string","description_kind":"plain","optional":true,"computed":true},"ip6":{"type":"string","description_kind":"plain","optional":true,"computed":true},"macaddr":{"type":["set","string"],"description_kind":"plain","optional":true,"computed":true},"name":{"type":"string","description_kind":"plain","optional":true,"computed":true},"obj_id":{"type":"string","description_kind":"plain","optional":true,"computed":true},"scopetype":{"type":"string","description_kind":"plain","optional":true},"sdn":{"type":"string","description_kind":"plain","optional":true,"computed":true},"start_ip":{"type":"string","description_kind":"plain","optional":true,"computed":true},"start_mac":{"type":"string","description_kind":"plain","optional":true,"computed":true},"template":{"type":"string","description_kind":"plain","optional":true,"computed":true},"type":{"type":"string","description_kind":"plain","optional":true,"computed":true},"uuid":{"type":"string","description_kind":"plain","optional":true,"computed":true},"visibility":{"type":"string","description_kind":"plain","optional":true,"computed":true}},"block_types":{"dynamic_mapping":{"nesting_mode":"list","block":{"attributes":{"_image_base64":{"type":"string","description_kind":"plain","optional":true,"computed":true},"cache_ttl":{"type":"number","description_kind":"plain","optional":true,"computed":true},"color":{"type":"number","description_kind":"plain","optional":true,"computed":true},"comment":{"type":"string","description_kind":"plain","optional":true,"computed":true},"country":{"type":"string","description_kind":"plain","optional":true,"computed":true},"end_ip":{"type":"string","description_kind":"plain","optional":true,"computed":true},"end_mac":{"type":"string","description_kind":"plain","optional":true,"computed":true},"fabric_object":{"type":"string","description_kind":"plain","optional":true,"computed":true},"fqdn":{"type":"string","description_kind":"plain","optional":true,"computed":true},"global_object":{"type":"number","description_kind":"plain","optional":true,"computed":true},"host":{"type":"string","description_kind":"plain","optional":true,"computed":true},"host_type":{"type":"string","description_kind":"plain","optional":true,"computed":true},"ip6":{"type":"string","description_kind":"plain","optional":true,"computed":true},"macaddr":{"type":["set","string"],"description_kind":"plain","optional":true,"computed":true},"obj_id":{"type":"string","description_kind":"plain","optional":true,"computed":true},"sdn":{"type":"string","description_kind":"plain","optional":true,"computed":true},"start_ip":{"type":"string","description_kind":"plain","optional":true,"computed":true},"start_mac":{"type":"string","description_kind":"plain","optional":true,"computed":true},"tags":{"type":"string","description_kind":"plain","optional":true,"computed":true},"template":{"type":"string","description_kind":"plain","optional":true,"computed":true},"type":{"type":"string","description_kind":"plain","optional":true,"computed":true},"uuid":{"type":"string","description_kind":"plain","optional":true,"computed":true},"visibility":{"type":"string","description_kind":"plain","optional":true,"computed":true}},"block_types":{"_scope":{"nesting_mode":"list","block":{"attributes":{"name":{"type":"string","description_kind":"plain","optional":true,"computed":true},"vdom":{"type":"string","description_kind":"plain","optional":true,"computed":true}},"description_kind":"plain"}},"subnet_segment":{"nesting_mode":"list","block":{"attributes":{"name":{"type":"string","description_kind":"plain","optional":true,"computed":true},"type":{"type":"string","description_kind":"plain","optional":true,"computed":true},"value":{"type":"string","description_kind":"plain","optional":true,"computed":true}},"description_kind":"plain"}}},"description_kind":"plain"}},"list":{"nesting_mode":"list","block":{"attributes":{"ip":{"type":"string","description_kind":"plain","optional":true,"computed":true},"net_id":{"type":"string","description_kind":"plain","optional":true,"computed":true},"obj_id":{"type":"string","description_kind":"plain","optional":true,"computed":true}},"description_kind":"plain"}},"subnet_segment":{"nesting_mode":"list","block":{"attributes":{"name":{"type":"string","description_kind":"plain","optional":true,"computed":true},"type":{"type":"string","description_kind":"plain","optional":true,"computed":true},"value":{"type":"string","description_kind":"plain","optional":true,"computed":true}},"description_kind":"plain"}},"tagging":{"nesting_mode":"list","block":{"attributes":{"category":{"type":"string","description_kind":"plain","optional":true,"computed":true},"name":{"type":"string","description_kind":"plain","optional":true,"computed":true},"tags":{"type":["set","string"],"description_kind":"plain","optional":true,"computed":true}},"description_kind":"plain"}}},"description_kind":"plain"}},"fortimanager_object_firewall_address6template":{"version":0,"block":{"attributes":{"_image_base64":{"type":"string","description_kind":"plain","optional":true,"computed":true},"adom":{"type":"string","description_kind":"plain","optional":true},"dynamic_sort_subtable":{"type":"string","description_kind":"plain","optional":true},"fabric_object":{"type":"string","description_kind":"plain","optional":true,"computed":true},"id":{"type":"string","description_kind":"plain","optional":true,"computed":true},"ip6":{"type":"string","description_kind":"plain","optional":true,"computed":true},"name":{"type":"string","description_kind":"plain","optional":true,"computed":true},"scopetype":{"type":"string","description_kind":"plain","optional":true},"subnet_segment_count":{"type":"number","description_kind":"plain","optional":true,"computed":true}},"block_types":{"subnet_segment":{"nesting_mode":"list","block":{"attributes":{"bits":{"type":"number","description_kind":"plain","optional":true,"computed":true},"exclusive":{"type":"string","description_kind":"plain","optional":true,"computed":true},"id":{"type":"number","description_kind":"plain","optional":true,"computed":true},"name":{"type":"string","description_kind":"plain","optional":true,"computed":true}},"block_types":{"values":{"nesting_mode":"list","block":{"attributes":{"name":{"type":"string","description_kind":"plain","optional":true,"computed":true},"value":{"type":"string","description_kind":"plain","optional":true,"computed":true}},"description_kind":"plain"}}},"description_kind":"plain"}}},"description_kind":"plain"}},"fortimanager_object_firewall_addrgrp":{"version":0,"block":{"attributes":{"_image_base64":{"type":"string","description_kind":"plain","optional":true,"computed":true},"adom":{"type":"string","description_kind":"plain","optional":true},"allow_routing":{"type":"string","description_kind":"plain","optional":true,"computed":true},"category":{"type":"string","description_kind":"plain","optional":true,"computed":true},"color":{"type":"number","description_kind":"plain","optional":true,"computed":true},"comment":{"type":"string","description_kind":"plain","optional":true,"computed":true},"dynamic_sort_subtable":{"type":"string","description_kind":"plain","optional":true},"exclude":{"type":"string","description_kind":"plain","optional":true,"computed":true},"exclude_member":{"type":["list","string"],"description_kind":"plain","optional":true,"computed":true},"fabric_object":{"type":"string","description_kind":"plain","optional":true,"computed":true},"global_object":{"type":"number","description_kind":"plain","optional":true,"computed":true},"id":{"type":"string","description_kind":"plain","optional":true,"computed":true},"member":{"type":["list","string"],"description_kind":"plain","optional":true,"computed":true},"name":{"type":"string","description_kind":"plain","optional":true,"computed":true},"scopetype":{"type":"string","description_kind":"plain","optional":true},"type":{"type":"string","description_kind":"plain","optional":true,"computed":true},"uuid":{"type":"string","description_kind":"plain","optional":true,"computed":true},"visibility":{"type":"string","description_kind":"plain","optional":true,"computed":true}},"block_types":{"dynamic_mapping":{"nesting_mode":"list","block":{"attributes":{"_image_base64":{"type":"string","description_kind":"plain","optional":true,"computed":true},"allow_routing":{"type":"string","description_kind":"plain","optional":true,"computed":true},"category":{"type":"string","description_kind":"plain","optional":true,"computed":true},"color":{"type":"number","description_kind":"plain","optional":true,"computed":true},"comment":{"type":"string","description_kind":"plain","optional":true,"computed":true},"exclude":{"type":"string","description_kind":"plain","optional":true,"computed":true},"exclude_member":{"type":"string","description_kind":"plain","optional":true,"computed":true},"fabric_object":{"type":"string","description_kind":"plain","optional":true,"computed":true},"global_object":{"type":"number","description_kind":"plain","optional":true,"computed":true},"member":{"type":"string","description_kind":"plain","optional":true,"computed":true},"tags":{"type":"string","description_kind":"plain","optional":true,"computed":true},"type":{"type":"string","description_kind":"plain","optional":true,"computed":true},"uuid":{"type":"string","description_kind":"plain","optional":true,"computed":true},"visibility":{"type":"string","description_kind":"plain","optional":true,"computed":true}},"block_types":{"_scope":{"nesting_mode":"list","block":{"attributes":{"name":{"type":"string","description_kind":"plain","optional":true,"computed":true},"vdom":{"type":"string","description_kind":"plain","optional":true,"computed":true}},"description_kind":"plain"}}},"description_kind":"plain"}},"tagging":{"nesting_mode":"list","block":{"attributes":{"category":{"type":"string","description_kind":"plain","optional":true,"computed":true},"name":{"type":"string","description_kind":"plain","optional":true,"computed":true},"tags":{"type":["set","string"],"description_kind":"plain","optional":true,"computed":true}},"description_kind":"plain"}}},"description_kind":"plain"}},"fortimanager_object_firewall_addrgrp6":{"version":0,"block":{"attributes":{"_image_base64":{"type":"string","description_kind":"plain","optional":true,"computed":true},"adom":{"type":"string","description_kind":"plain","optional":true},"color":{"type":"number","description_kind":"plain","optional":true,"computed":true},"comment":{"type":"string","description_kind":"plain","optional":true,"computed":true},"dynamic_sort_subtable":{"type":"string","description_kind":"plain","optional":true},"fabric_object":{"type":"string","description_kind":"plain","optional":true,"computed":true},"global_object":{"type":"number","description_kind":"plain","optional":true,"computed":true},"id":{"type":"string","description_kind":"plain","optional":true,"computed":true},"member":{"type":["list","string"],"description_kind":"plain","optional":true,"computed":true},"name":{"type":"string","description_kind":"plain","optional":true,"computed":true},"scopetype":{"type":"string","description_kind":"plain","optional":true},"uuid":{"type":"string","description_kind":"plain","optional":true,"computed":true},"visibility":{"type":"string","description_kind":"plain","optional":true,"computed":true}},"block_types":{"dynamic_mapping":{"nesting_mode":"list","block":{"attributes":{"_image_base64":{"type":"string","description_kind":"plain","optional":true,"computed":true},"color":{"type":"number","description_kind":"plain","optional":true,"computed":true},"comment":{"type":"string","description_kind":"plain","optional":true,"computed":true},"fabric_object":{"type":"string","description_kind":"plain","optional":true,"computed":true},"global_object":{"type":"number","description_kind":"plain","optional":true,"computed":true},"member":{"type":"string","description_kind":"plain","optional":true,"computed":true},"tags":{"type":"string","description_kind":"plain","optional":true,"computed":true},"uuid":{"type":"string","description_kind":"plain","optional":true,"computed":true},"visibility":{"type":"string","description_kind":"plain","optional":true,"computed":true}},"block_types":{"_scope":{"nesting_mode":"list","block":{"attributes":{"name":{"type":"string","description_kind":"plain","optional":true,"computed":true},"vdom":{"type":"string","description_kind":"plain","optional":true,"computed":true}},"description_kind":"plain"}}},"description_kind":"plain"}},"tagging":{"nesting_mode":"list","block":{"attributes":{"category":{"type":"string","description_kind":"plain","optional":true,"computed":true},"name":{"type":"string","description_kind":"plain","optional":true,"computed":true},"tags":{"type":["set","string"],"description_kind":"plain","optional":true,"computed":true}},"description_kind":"plain"}}},"description_kind":"plain"}},"fortimanager_object_firewall_carrierendpointbwl":{"version":0,"block":{"attributes":{"adom":{"type":"string","description_kind":"plain","optional":true},"comment":{"type":"string","description_kind":"plain","optional":true,"computed":true},"dynamic_sort_subtable":{"type":"string","description_kind":"plain","optional":true},"fosid":{"type":"number","description_kind":"plain","optional":true,"computed":true},"id":{"type":"string","description_kind":"plain","optional":true,"computed":true},"name":{"type":"string","description_kind":"plain","optional":true,"computed":true},"scopetype":{"type":"string","description_kind":"plain","optional":true}},"block_types":{"entries":{"nesting_mode":"list","block":{"attributes":{"action":{"type":["set","string"],"description_kind":"plain","optional":true,"computed":true},"carrier_endpoint":{"type":"string","description_kind":"plain","optional":true,"computed":true},"log_action":{"type":["set","string"],"description_kind":"plain","optional":true,"computed":true},"pattern_type":{"type":"string","description_kind":"plain","optional":true,"computed":true},"status":{"type":"string","description_kind":"plain","optional":true,"computed":true}},"description_kind":"plain"}}},"description_kind":"plain"}},"fortimanager_object_firewall_decryptedtrafficmirror":{"version":0,"block":{"attributes":{"adom":{"type":"string","description_kind":"plain","optional":true},"dstmac":{"type":"string","description_kind":"plain","optional":true,"computed":true},"id":{"type":"string","description_kind":"plain","optional":true,"computed":true},"interface":{"type":"string","description_kind":"plain","optional":true,"computed":true},"name":{"type":"string","description_kind":"plain","optional":true,"computed":true},"scopetype":{"type":"string","description_kind":"plain","optional":true},"traffic_source":{"type":"string","description_kind":"plain","optional":true,"computed":true},"traffic_type":{"type":["set","string"],"description_kind":"plain","optional":true,"computed":true}},"description_kind":"plain"}},"fortimanager_object_firewall_identitybasedroute":{"version":0,"block":{"attributes":{"adom":{"type":"string","description_kind":"plain","optional":true},"comments":{"type":"string","description_kind":"plain","optional":true,"computed":true},"dynamic_sort_subtable":{"type":"string","description_kind":"plain","optional":true},"id":{"type":"string","description_kind":"plain","optional":true,"computed":true},"name":{"type":"string","description_kind":"plain","optional":true,"computed":true},"scopetype":{"type":"string","description_kind":"plain","optional":true}},"block_types":{"rule":{"nesting_mode":"list","block":{"attributes":{"device":{"type":"string","description_kind":"plain","optional":true,"computed":true},"gateway":{"type":"string","description_kind":"plain","optional":true,"computed":true},"groups":{"type":"string","description_kind":"plain","optional":true,"computed":true},"id":{"type":"number","description_kind":"plain","optional":true,"computed":true}},"description_kind":"plain"}}},"description_kind":"plain"}},"fortimanager_object_firewall_internetservice":{"version":0,"block":{"attributes":{"adom":{"type":"string","description_kind":"plain","optional":true},"city":{"type":["set","number"],"description_kind":"plain","optional":true,"computed":true},"country":{"type":["set","number"],"description_kind":"plain","optional":true,"computed":true},"database":{"type":"string","description_kind":"plain","optional":true,"computed":true},"direction":{"type":"string","description_kind":"plain","optional":true,"computed":true},"extra_ip_range_number":{"type":"number","description_kind":"plain","optional":true,"computed":true},"fosid":{"type":"number","description_kind":"plain","optional":true,"computed":true},"icon_id":{"type":"number","description_kind":"plain","optional":true,"computed":true},"id":{"type":"string","description_kind":"plain","optional":true,"computed":true},"ip_number":{"type":"number","description_kind":"plain","optional":true,"computed":true},"ip_range_number":{"type":"number","description_kind":"plain","optional":true,"computed":true},"jitter_threshold":{"type":"number","description_kind":"plain","optional":true,"computed":true},"latency_threshold":{"type":"number","description_kind":"plain","optional":true,"computed":true},"name":{"type":"string","description_kind":"plain","optional":true,"computed":true},"obsolete":{"type":"number","description_kind":"plain","optional":true,"computed":true},"packetloss_threshold":{"type":"number","description_kind":"plain","optional":true,"computed":true},"region":{"type":["set","number"],"description_kind":"plain","optional":true,"computed":true},"reputation":{"type":"number","description_kind":"plain","optional":true,"computed":true},"scopetype":{"type":"string","description_kind":"plain","optional":true},"singularity":{"type":"number","description_kind":"plain","optional":true,"computed":true},"sld_id":{"type":"number","description_kind":"plain","optional":true,"computed":true}},"description_kind":"plain"}},"fortimanager_object_firewall_internetserviceaddition":{"version":0,"block":{"attributes":{"adom":{"type":"string","description_kind":"plain","optional":true},"comment":{"type":"string","description_kind":"plain","optional":true,"computed":true},"dynamic_sort_subtable":{"type":"string","description_kind":"plain","optional":true},"fosid":{"type":"string","description_kind":"plain","optional":true,"computed":true},"id":{"type":"string","description_kind":"plain","optional":true,"computed":true},"scopetype":{"type":"string","description_kind":"plain","optional":true}},"block_types":{"entry":{"nesting_mode":"list","block":{"attributes":{"id":{"type":"number","description_kind":"plain","optional":true,"computed":true},"protocol":{"type":"number","description_kind":"plain","optional":true,"computed":true}},"block_types":{"port_range":{"nesting_mode":"list","block":{"attributes":{"end_port":{"type":"number","description_kind":"plain","optional":true,"computed":true},"id":{"type":"number","description_kind":"plain","optional":true,"computed":true},"start_port":{"type":"number","description_kind":"plain","optional":true,"computed":true}},"description_kind":"plain"}}},"description_kind":"plain"}}},"description_kind":"plain"}},"fortimanager_object_firewall_internetservicecustom":{"version":0,"block":{"attributes":{"adom":{"type":"string","description_kind":"plain","optional":true},"comment":{"type":"string","description_kind":"plain","optional":true,"computed":true},"dynamic_sort_subtable":{"type":"string","description_kind":"plain","optional":true},"fosid":{"type":"number","description_kind":"plain","optional":true,"computed":true},"id":{"type":"string","description_kind":"plain","optional":true,"computed":true},"name":{"type":"string","description_kind":"plain","optional":true,"computed":true},"reputation":{"type":"number","description_kind":"plain","optional":true,"computed":true},"scopetype":{"type":"string","description_kind":"plain","optional":true}},"block_types":{"entry":{"nesting_mode":"list","block":{"attributes":{"dst":{"type":"string","description_kind":"plain","optional":true,"computed":true},"id":{"type":"number","description_kind":"plain","optional":true,"computed":true},"protocol":{"type":"number","description_kind":"plain","optional":true,"computed":true}},"block_types":{"port_range":{"nesting_mode":"list","block":{"attributes":{"end_port":{"type":"number","description_kind":"plain","optional":true,"computed":true},"id":{"type":"number","description_kind":"plain","optional":true,"computed":true},"start_port":{"type":"number","description_kind":"plain","optional":true,"computed":true}},"description_kind":"plain"}}},"description_kind":"plain"}}},"description_kind":"plain"}},"fortimanager_object_firewall_internetservicecustomgroup":{"version":0,"block":{"attributes":{"adom":{"type":"string","description_kind":"plain","optional":true},"comment":{"type":"string","description_kind":"plain","optional":true,"computed":true},"id":{"type":"string","description_kind":"plain","optional":true,"computed":true},"member":{"type":["list","string"],"description_kind":"plain","optional":true,"computed":true},"name":{"type":"string","description_kind":"plain","optional":true,"computed":true},"scopetype":{"type":"string","description_kind":"plain","optional":true}},"description_kind":"plain"}},"fortimanager_object_firewall_internetservicegroup":{"version":0,"block":{"attributes":{"adom":{"type":"string","description_kind":"plain","optional":true},"comment":{"type":"string","description_kind":"plain","optional":true,"computed":true},"direction":{"type":"string","description_kind":"plain","optional":true,"computed":true},"id":{"type":"string","description_kind":"plain","optional":true,"computed":true},"member":{"type":["set","string"],"description_kind":"plain","optional":true,"computed":true},"name":{"type":"string","description_kind":"plain","optional":true,"computed":true},"scopetype":{"type":"string","description_kind":"plain","optional":true}},"description_kind":"plain"}},"fortimanager_object_firewall_internetservicename":{"version":0,"block":{"attributes":{"adom":{"type":"string","description_kind":"plain","optional":true},"city_id":{"type":"number","description_kind":"plain","optional":true,"computed":true},"country_id":{"type":"number","description_kind":"plain","optional":true,"computed":true},"id":{"type":"string","description_kind":"plain","optional":true,"computed":true},"internet_service_id":{"type":"string","description_kind":"plain","optional":true,"computed":true},"name":{"type":"string","description_kind":"plain","optional":true,"computed":true},"region_id":{"type":"number","description_kind":"plain","optional":true,"computed":true},"scopetype":{"type":"string","description_kind":"plain","optional":true},"type":{"type":"string","description_kind":"plain","optional":true,"computed":true}},"description_kind":"plain"}},"fortimanager_object_firewall_ippool":{"version":0,"block":{"attributes":{"adom":{"type":"string","description_kind":"plain","optional":true},"arp_intf":{"type":"string","description_kind":"plain","optional":true,"computed":true},"arp_reply":{"type":"string","description_kind":"plain","optional":true,"computed":true},"associated_interface":{"type":"string","description_kind":"plain","optional":true,"computed":true},"block_size":{"type":"number","description_kind":"plain","optional":true,"computed":true},"cgn_block_size":{"type":"number","description_kind":"plain","optional":true,"computed":true},"cgn_client_endip":{"type":"string","description_kind":"plain","optional":true,"computed":true},"cgn_client_startip":{"type":"string","description_kind":"plain","optional":true,"computed":true},"cgn_fixedalloc":{"type":"string","description_kind":"plain","optional":true,"computed":true},"cgn_overload":{"type":"string","description_kind":"plain","optional":true,"computed":true},"cgn_port_end":{"type":"number","description_kind":"plain","optional":true,"computed":true},"cgn_port_start":{"type":"number","description_kind":"plain","optional":true,"computed":true},"cgn_spa":{"type":"string","description_kind":"plain","optional":true,"computed":true},"comments":{"type":"string","description_kind":"plain","optional":true,"computed":true},"dynamic_sort_subtable":{"type":"string","description_kind":"plain","optional":true},"endip":{"type":"string","description_kind":"plain","optional":true,"computed":true},"endport":{"type":"number","description_kind":"plain","optional":true,"computed":true},"id":{"type":"string","description_kind":"plain","optional":true,"computed":true},"name":{"type":"string","description_kind":"plain","optional":true,"computed":true},"num_blocks_per_user":{"type":"number","description_kind":"plain","optional":true,"computed":true},"pba_timeout":{"type":"number","description_kind":"plain","optional":true,"computed":true},"permit_any_host":{"type":"string","description_kind":"plain","optional":true,"computed":true},"port_per_user":{"type":"number","description_kind":"plain","optional":true,"computed":true},"scopetype":{"type":"string","description_kind":"plain","optional":true},"source_endip":{"type":"string","description_kind":"plain","optional":true,"computed":true},"source_startip":{"type":"string","description_kind":"plain","optional":true,"computed":true},"startip":{"type":"string","description_kind":"plain","optional":true,"computed":true},"startport":{"type":"number","description_kind":"plain","optional":true,"computed":true},"type":{"type":"string","description_kind":"plain","optional":true,"computed":true},"utilization_alarm_clear":{"type":"number","description_kind":"plain","optional":true,"computed":true},"utilization_alarm_raise":{"type":"number","description_kind":"plain","optional":true,"computed":true}},"block_types":{"dynamic_mapping":{"nesting_mode":"list","block":{"attributes":{"arp_intf":{"type":"string","description_kind":"plain","optional":true,"computed":true},"arp_reply":{"type":"string","description_kind":"plain","optional":true,"computed":true},"associated_interface":{"type":"string","description_kind":"plain","optional":true,"computed":true},"block_size":{"type":"number","description_kind":"plain","optional":true,"computed":true},"cgn_block_size":{"type":"number","description_kind":"plain","optional":true,"computed":true},"cgn_client_endip":{"type":"string","description_kind":"plain","optional":true,"computed":true},"cgn_client_startip":{"type":"string","description_kind":"plain","optional":true,"computed":true},"cgn_fixedalloc":{"type":"string","description_kind":"plain","optional":true,"computed":true},"cgn_overload":{"type":"string","description_kind":"plain","optional":true,"computed":true},"cgn_port_end":{"type":"number","description_kind":"plain","optional":true,"computed":true},"cgn_port_start":{"type":"number","description_kind":"plain","optional":true,"computed":true},"cgn_spa":{"type":"string","description_kind":"plain","optional":true,"computed":true},"comments":{"type":"string","description_kind":"plain","optional":true,"computed":true},"endip":{"type":"string","description_kind":"plain","optional":true,"computed":true},"endport":{"type":"number","description_kind":"plain","optional":true,"computed":true},"num_blocks_per_user":{"type":"number","description_kind":"plain","optional":true,"computed":true},"pba_timeout":{"type":"number","description_kind":"plain","optional":true,"computed":true},"permit_any_host":{"type":"string","description_kind":"plain","optional":true,"computed":true},"port_per_user":{"type":"number","description_kind":"plain","optional":true,"computed":true},"source_endip":{"type":"string","description_kind":"plain","optional":true,"computed":true},"source_startip":{"type":"string","description_kind":"plain","optional":true,"computed":true},"startip":{"type":"string","description_kind":"plain","optional":true,"computed":true},"startport":{"type":"number","description_kind":"plain","optional":true,"computed":true},"type":{"type":"string","description_kind":"plain","optional":true,"computed":true},"utilization_alarm_clear":{"type":"number","description_kind":"plain","optional":true,"computed":true},"utilization_alarm_raise":{"type":"number","description_kind":"plain","optional":true,"computed":true}},"block_types":{"_scope":{"nesting_mode":"list","block":{"attributes":{"name":{"type":"string","description_kind":"plain","optional":true,"computed":true},"vdom":{"type":"string","description_kind":"plain","optional":true,"computed":true}},"description_kind":"plain"}}},"description_kind":"plain"}}},"description_kind":"plain"}},"fortimanager_object_firewall_ippool6":{"version":0,"block":{"attributes":{"adom":{"type":"string","description_kind":"plain","optional":true},"comments":{"type":"string","description_kind":"plain","optional":true,"computed":true},"dynamic_sort_subtable":{"type":"string","description_kind":"plain","optional":true},"endip":{"type":"string","description_kind":"plain","optional":true,"computed":true},"id":{"type":"string","description_kind":"plain","optional":true,"computed":true},"name":{"type":"string","description_kind":"plain","optional":true,"computed":true},"scopetype":{"type":"string","description_kind":"plain","optional":true},"startip":{"type":"string","description_kind":"plain","optional":true,"computed":true}},"block_types":{"dynamic_mapping":{"nesting_mode":"list","block":{"attributes":{"comments":{"type":"string","description_kind":"plain","optional":true,"computed":true},"endip":{"type":"string","description_kind":"plain","optional":true,"computed":true},"startip":{"type":"string","description_kind":"plain","optional":true,"computed":true}},"block_types":{"_scope":{"nesting_mode":"list","block":{"attributes":{"name":{"type":"string","description_kind":"plain","optional":true,"computed":true},"vdom":{"type":"string","description_kind":"plain","optional":true,"computed":true}},"description_kind":"plain"}}},"description_kind":"plain"}}},"description_kind":"plain"}},"fortimanager_object_firewall_ldbmonitor":{"version":0,"block":{"attributes":{"adom":{"type":"string","description_kind":"plain","optional":true},"dns_match_ip":{"type":"string","description_kind":"plain","optional":true,"computed":true},"dns_protocol":{"type":"string","description_kind":"plain","optional":true,"computed":true},"dns_request_domain":{"type":"string","description_kind":"plain","optional":true,"computed":true},"http_get":{"type":"string","description_kind":"plain","optional":true,"computed":true},"http_match":{"type":"string","description_kind":"plain","optional":true,"computed":true},"http_max_redirects":{"type":"number","description_kind":"plain","optional":true,"computed":true},"id":{"type":"string","description_kind":"plain","optional":true,"computed":true},"interval":{"type":"number","description_kind":"plain","optional":true,"computed":true},"name":{"type":"string","description_kind":"plain","optional":true,"computed":true},"port":{"type":"number","description_kind":"plain","optional":true,"computed":true},"retry":{"type":"number","description_kind":"plain","optional":true,"computed":true},"scopetype":{"type":"string","description_kind":"plain","optional":true},"src_ip":{"type":"string","description_kind":"plain","optional":true,"computed":true},"timeout":{"type":"number","description_kind":"plain","optional":true,"computed":true},"type":{"type":"string","description_kind":"plain","optional":true,"computed":true}},"description_kind":"plain"}},"fortimanager_object_firewall_mmsprofile":{"version":0,"block":{"attributes":{"adom":{"type":"string","description_kind":"plain","optional":true},"avnotificationtable":{"type":"string","description_kind":"plain","optional":true,"computed":true},"bwordtable":{"type":"string","description_kind":"plain","optional":true,"computed":true},"carrier_endpoint_prefix":{"type":"string","description_kind":"plain","optional":true,"computed":true},"carrier_endpoint_prefix_range_max":{"type":"number","description_kind":"plain","optional":true,"computed":true},"carrier_endpoint_prefix_range_min":{"type":"number","description_kind":"plain","optional":true,"computed":true},"carrier_endpoint_prefix_string":{"type":"string","description_kind":"plain","optional":true,"computed":true},"carrierendpointbwltable":{"type":"string","description_kind":"plain","optional":true,"computed":true},"comment":{"type":"string","description_kind":"plain","optional":true,"computed":true},"dynamic_sort_subtable":{"type":"string","description_kind":"plain","optional":true},"extended_utm_log":{"type":"string","description_kind":"plain","optional":true,"computed":true},"id":{"type":"string","description_kind":"plain","optional":true,"computed":true},"mm1":{"type":["set","string"],"description_kind":"plain","optional":true,"computed":true},"mm1_addr_hdr":{"type":"string","description_kind":"plain","optional":true,"computed":true},"mm1_addr_source":{"type":"string","description_kind":"plain","optional":true,"computed":true},"mm1_convert_hex":{"type":"string","description_kind":"plain","optional":true,"computed":true},"mm1_outbreak_prevention":{"type":"string","description_kind":"plain","optional":true,"computed":true},"mm1_retr_dupe":{"type":"string","description_kind":"plain","optional":true,"computed":true},"mm1_retrieve_scan":{"type":"string","description_kind":"plain","optional":true,"computed":true},"mm1comfortamount":{"type":"number","description_kind":"plain","optional":true,"computed":true},"mm1comfortinterval":{"type":"number","description_kind":"plain","optional":true,"computed":true},"mm1oversizelimit":{"type":"number","description_kind":"plain","optional":true,"computed":true},"mm3":{"type":["set","string"],"description_kind":"plain","optional":true,"computed":true},"mm3_outbreak_prevention":{"type":"string","description_kind":"plain","optional":true,"computed":true},"mm3oversizelimit":{"type":"number","description_kind":"plain","optional":true,"computed":true},"mm4":{"type":["set","string"],"description_kind":"plain","optional":true,"computed":true},"mm4_outbreak_prevention":{"type":"string","description_kind":"plain","optional":true,"computed":true},"mm4oversizelimit":{"type":"number","description_kind":"plain","optional":true,"computed":true},"mm7":{"type":["set","string"],"description_kind":"plain","optional":true,"computed":true},"mm7_addr_hdr":{"type":"string","description_kind":"plain","optional":true,"computed":true},"mm7_addr_source":{"type":"string","description_kind":"plain","optional":true,"computed":true},"mm7_convert_hex":{"type":"string","description_kind":"plain","optional":true,"computed":true},"mm7_outbreak_prevention":{"type":"string","description_kind":"plain","optional":true,"computed":true},"mm7comfortamount":{"type":"number","description_kind":"plain","optional":true,"computed":true},"mm7comfortinterval":{"type":"number","description_kind":"plain","optional":true,"computed":true},"mm7oversizelimit":{"type":"number","description_kind":"plain","optional":true,"computed":true},"mms_antispam_mass_log":{"type":"string","description_kind":"plain","optional":true,"computed":true},"mms_av_block_log":{"type":"string","description_kind":"plain","optional":true,"computed":true},"mms_av_oversize_log":{"type":"string","description_kind":"plain","optional":true,"computed":true},"mms_av_virus_log":{"type":"string","description_kind":"plain","optional":true,"computed":true},"mms_carrier_endpoint_filter_log":{"type":"string","description_kind":"plain","optional":true,"computed":true},"mms_checksum_log":{"type":"string","description_kind":"plain","optional":true,"computed":true},"mms_checksum_table":{"type":"string","description_kind":"plain","optional":true,"computed":true},"mms_notification_log":{"type":"string","description_kind":"plain","optional":true,"computed":true},"mms_web_content_log":{"type":"string","description_kind":"plain","optional":true,"computed":true},"mmsbwordthreshold":{"type":"number","description_kind":"plain","optional":true,"computed":true},"name":{"type":"string","description_kind":"plain","optional":true,"computed":true},"remove_blocked_const_length":{"type":"string","description_kind":"plain","optional":true,"computed":true},"replacemsg_group":{"type":"string","description_kind":"plain","optional":true,"computed":true},"scopetype":{"type":"string","description_kind":"plain","optional":true}},"block_types":{"notif_msisdn":{"nesting_mode":"list","block":{"attributes":{"msisdn":{"type":"string","description_kind":"plain","optional":true,"computed":true},"threshold":{"type":["set","string"],"description_kind":"plain","optional":true,"computed":true}},"description_kind":"plain"}}},"description_kind":"plain"}},"fortimanager_object_firewall_multicastaddress":{"version":0,"block":{"attributes":{"adom":{"type":"string","description_kind":"plain","optional":true},"associated_interface":{"type":"string","description_kind":"plain","optional":true,"computed":true},"color":{"type":"number","description_kind":"plain","optional":true,"computed":true},"comment":{"type":"string","description_kind":"plain","optional":true,"computed":true},"dynamic_sort_subtable":{"type":"string","description_kind":"plain","optional":true},"end_ip":{"type":"string","description_kind":"plain","optional":true,"computed":true},"id":{"type":"string","description_kind":"plain","optional":true,"computed":true},"name":{"type":"string","description_kind":"plain","optional":true,"computed":true},"scopetype":{"type":"string","description_kind":"plain","optional":true},"start_ip":{"type":"string","description_kind":"plain","optional":true,"computed":true},"subnet":{"type":["list","string"],"description_kind":"plain","optional":true,"computed":true},"type":{"type":"string","description_kind":"plain","optional":true,"computed":true},"visibility":{"type":"string","description_kind":"plain","optional":true,"computed":true}},"block_types":{"tagging":{"nesting_mode":"list","block":{"attributes":{"category":{"type":"string","description_kind":"plain","optional":true,"computed":true},"name":{"type":"string","description_kind":"plain","optional":true,"computed":true},"tags":{"type":["set","string"],"description_kind":"plain","optional":true,"computed":true}},"description_kind":"plain"}}},"description_kind":"plain"}},"fortimanager_object_firewall_multicastaddress6":{"version":0,"block":{"attributes":{"adom":{"type":"string","description_kind":"plain","optional":true},"color":{"type":"number","description_kind":"plain","optional":true,"computed":true},"comment":{"type":"string","description_kind":"plain","optional":true,"computed":true},"dynamic_sort_subtable":{"type":"string","description_kind":"plain","optional":true},"id":{"type":"string","description_kind":"plain","optional":true,"computed":true},"ip6":{"type":"string","description_kind":"plain","optional":true,"computed":true},"name":{"type":"string","description_kind":"plain","optional":true,"computed":true},"scopetype":{"type":"string","description_kind":"plain","optional":true},"visibility":{"type":"string","description_kind":"plain","optional":true,"computed":true}},"block_types":{"tagging":{"nesting_mode":"list","block":{"attributes":{"category":{"type":"string","description_kind":"plain","optional":true,"computed":true},"name":{"type":"string","description_kind":"plain","optional":true,"computed":true},"tags":{"type":"string","description_kind":"plain","optional":true,"computed":true}},"description_kind":"plain"}}},"description_kind":"plain"}},"fortimanager_object_firewall_profilegroup":{"version":0,"block":{"attributes":{"adom":{"type":"string","description_kind":"plain","optional":true},"application_list":{"type":"string","description_kind":"plain","optional":true,"computed":true},"av_profile":{"type":"string","description_kind":"plain","optional":true,"computed":true},"cifs_profile":{"type":"string","description_kind":"plain","optional":true,"computed":true},"dlp_sensor":{"type":"string","description_kind":"plain","optional":true,"computed":true},"dnsfilter_profile":{"type":"string","description_kind":"plain","optional":true,"computed":true},"emailfilter_profile":{"type":"string","description_kind":"plain","optional":true,"computed":true},"file_filter_profile":{"type":"string","description_kind":"plain","optional":true,"computed":true},"icap_profile":{"type":"string","description_kind":"plain","optional":true,"computed":true},"id":{"type":"string","description_kind":"plain","optional":true,"computed":true},"ips_sensor":{"type":"string","description_kind":"plain","optional":true,"computed":true},"mms_profile":{"type":"string","description_kind":"plain","optional":true,"computed":true},"name":{"type":"string","description_kind":"plain","optional":true,"computed":true},"profile_protocol_options":{"type":"string","description_kind":"plain","optional":true,"computed":true},"scopetype":{"type":"string","description_kind":"plain","optional":true},"ssh_filter_profile":{"type":"string","description_kind":"plain","optional":true,"computed":true},"ssl_ssh_profile":{"type":"string","description_kind":"plain","optional":true,"computed":true},"videofilter_profile":{"type":"string","description_kind":"plain","optional":true,"computed":true},"voip_profile":{"type":"string","description_kind":"plain","optional":true,"computed":true},"waf_profile":{"type":"string","description_kind":"plain","optional":true,"computed":true},"webfilter_profile":{"type":"string","description_kind":"plain","optional":true,"computed":true}},"description_kind":"plain"}},"fortimanager_object_firewall_profileprotocoloptions":{"version":0,"block":{"attributes":{"adom":{"type":"string","description_kind":"plain","optional":true},"comment":{"type":"string","description_kind":"plain","optional":true,"computed":true},"feature_set":{"type":"string","description_kind":"plain","optional":true,"computed":true},"id":{"type":"string","description_kind":"plain","optional":true,"computed":true},"name":{"type":"string","description_kind":"plain","optional":true,"computed":true},"oversize_log":{"type":"string","description_kind":"plain","optional":true,"computed":true},"replacemsg_group":{"type":"string","description_kind":"plain","optional":true,"computed":true},"rpc_over_http":{"type":"string","description_kind":"plain","optional":true,"computed":true},"scopetype":{"type":"string","description_kind":"plain","optional":true},"switching_protocols_log":{"type":"string","description_kind":"plain","optional":true,"computed":true}},"block_types":{"cifs":{"nesting_mode":"list","block":{"attributes":{"domain_controller":{"type":"string","description_kind":"plain","optional":true,"computed":true},"options":{"type":["set","string"],"description_kind":"plain","optional":true,"computed":true},"oversize_limit":{"type":"number","description_kind":"plain","optional":true,"computed":true},"ports":{"type":["set","number"],"description_kind":"plain","optional":true,"computed":true},"scan_bzip2":{"type":"string","description_kind":"plain","optional":true,"computed":true},"server_credential_type":{"type":"string","description_kind":"plain","optional":true,"computed":true},"status":{"type":"string","description_kind":"plain","optional":true,"computed":true},"tcp_window_maximum":{"type":"number","description_kind":"plain","optional":true,"computed":true},"tcp_window_minimum":{"type":"number","description_kind":"plain","optional":true,"computed":true},"tcp_window_size":{"type":"number","description_kind":"plain","optional":true,"computed":true},"tcp_window_type":{"type":"string","description_kind":"plain","optional":true,"computed":true},"uncompressed_nest_limit":{"type":"number","description_kind":"plain","optional":true,"computed":true},"uncompressed_oversize_limit":{"type":"number","description_kind":"plain","optional":true,"computed":true}},"block_types":{"file_filter":{"nesting_mode":"list","block":{"attributes":{"log":{"type":"string","description_kind":"plain","optional":true,"computed":true},"status":{"type":"string","description_kind":"plain","optional":true,"computed":true}},"block_types":{"entries":{"nesting_mode":"list","block":{"attributes":{"action":{"type":"string","description_kind":"plain","optional":true,"computed":true},"comment":{"type":"string","description_kind":"plain","optional":true,"computed":true},"direction":{"type":"string","description_kind":"plain","optional":true,"computed":true},"file_type":{"type":["set","string"],"description_kind":"plain","optional":true,"computed":true},"filter":{"type":"string","description_kind":"plain","optional":true,"computed":true},"protocol":{"type":["set","string"],"description_kind":"plain","optional":true,"computed":true}},"description_kind":"plain"}}},"description_kind":"plain"},"max_items":1},"server_keytab":{"nesting_mode":"list","block":{"attributes":{"keytab":{"type":"string","description_kind":"plain","optional":true,"computed":true},"password":{"type":["set","string"],"description_kind":"plain","optional":true,"computed":true},"principal":{"type":"string","description_kind":"plain","optional":true,"computed":true}},"description_kind":"plain"}}},"description_kind":"plain"},"max_items":1},"dns":{"nesting_mode":"list","block":{"attributes":{"ports":{"type":["set","number"],"description_kind":"plain","optional":true,"computed":true},"status":{"type":"string","description_kind":"plain","optional":true,"computed":true}},"description_kind":"plain"},"max_items":1},"ftp":{"nesting_mode":"list","block":{"attributes":{"comfort_amount":{"type":"number","description_kind":"plain","optional":true,"computed":true},"comfort_interval":{"type":"number","description_kind":"plain","optional":true,"computed":true},"inspect_all":{"type":"string","description_kind":"plain","optional":true,"computed":true},"options":{"type":["set","string"],"description_kind":"plain","optional":true,"computed":true},"oversize_limit":{"type":"number","description_kind":"plain","optional":true,"computed":true},"ports":{"type":["set","number"],"description_kind":"plain","optional":true,"computed":true},"scan_bzip2":{"type":"string","description_kind":"plain","optional":true,"computed":true},"ssl_offloaded":{"type":"string","description_kind":"plain","optional":true,"computed":true},"status":{"type":"string","description_kind":"plain","optional":true,"computed":true},"stream_based_uncompressed_limit":{"type":"number","description_kind":"plain","optional":true,"computed":true},"tcp_window_maximum":{"type":"number","description_kind":"plain","optional":true,"computed":true},"tcp_window_minimum":{"type":"number","description_kind":"plain","optional":true,"computed":true},"tcp_window_size":{"type":"number","description_kind":"plain","optional":true,"computed":true},"tcp_window_type":{"type":"string","description_kind":"plain","optional":true,"computed":true},"uncompressed_nest_limit":{"type":"number","description_kind":"plain","optional":true,"computed":true},"uncompressed_oversize_limit":{"type":"number","description_kind":"plain","optional":true,"computed":true}},"description_kind":"plain"},"max_items":1},"http":{"nesting_mode":"list","block":{"attributes":{"block_page_status_code":{"type":"number","description_kind":"plain","optional":true,"computed":true},"comfort_amount":{"type":"number","description_kind":"plain","optional":true,"computed":true},"comfort_interval":{"type":"number","description_kind":"plain","optional":true,"computed":true},"fortinet_bar":{"type":"string","description_kind":"plain","optional":true,"computed":true},"fortinet_bar_port":{"type":"number","description_kind":"plain","optional":true,"computed":true},"inspect_all":{"type":"string","description_kind":"plain","optional":true,"computed":true},"options":{"type":["set","string"],"description_kind":"plain","optional":true,"computed":true},"oversize_limit":{"type":"number","description_kind":"plain","optional":true,"computed":true},"ports":{"type":["set","number"],"description_kind":"plain","optional":true,"computed":true},"post_lang":{"type":["set","string"],"description_kind":"plain","optional":true,"computed":true},"proxy_after_tcp_handshake":{"type":"string","description_kind":"plain","optional":true,"computed":true},"range_block":{"type":"string","description_kind":"plain","optional":true,"computed":true},"retry_count":{"type":"number","description_kind":"plain","optional":true,"computed":true},"scan_bzip2":{"type":"string","description_kind":"plain","optional":true,"computed":true},"ssl_offloaded":{"type":"string","description_kind":"plain","optional":true,"computed":true},"status":{"type":"string","description_kind":"plain","optional":true,"computed":true},"stream_based_uncompressed_limit":{"type":"number","description_kind":"plain","optional":true,"computed":true},"streaming_content_bypass":{"type":"string","description_kind":"plain","optional":true,"computed":true},"strip_x_forwarded_for":{"type":"string","description_kind":"plain","optional":true,"computed":true},"switching_protocols":{"type":"string","description_kind":"plain","optional":true,"computed":true},"tcp_window_maximum":{"type":"number","description_kind":"plain","optional":true,"computed":true},"tcp_window_minimum":{"type":"number","description_kind":"plain","optional":true,"computed":true},"tcp_window_size":{"type":"number","description_kind":"plain","optional":true,"computed":true},"tcp_window_type":{"type":"string","description_kind":"plain","optional":true,"computed":true},"tunnel_non_http":{"type":"string","description_kind":"plain","optional":true,"computed":true},"uncompressed_nest_limit":{"type":"number","description_kind":"plain","optional":true,"computed":true},"uncompressed_oversize_limit":{"type":"number","description_kind":"plain","optional":true,"computed":true},"unknown_http_version":{"type":"string","description_kind":"plain","optional":true,"computed":true}},"description_kind":"plain"},"max_items":1},"imap":{"nesting_mode":"list","block":{"attributes":{"inspect_all":{"type":"string","description_kind":"plain","optional":true,"computed":true},"options":{"type":["set","string"],"description_kind":"plain","optional":true,"computed":true},"oversize_limit":{"type":"number","description_kind":"plain","optional":true,"computed":true},"ports":{"type":["set","number"],"description_kind":"plain","optional":true,"computed":true},"proxy_after_tcp_handshake":{"type":"string","description_kind":"plain","optional":true,"computed":true},"scan_bzip2":{"type":"string","description_kind":"plain","optional":true,"computed":true},"ssl_offloaded":{"type":"string","description_kind":"plain","optional":true,"computed":true},"status":{"type":"string","description_kind":"plain","optional":true,"computed":true},"uncompressed_nest_limit":{"type":"number","description_kind":"plain","optional":true,"computed":true},"uncompressed_oversize_limit":{"type":"number","description_kind":"plain","optional":true,"computed":true}},"description_kind":"plain"},"max_items":1},"mail_signature":{"nesting_mode":"list","block":{"attributes":{"signature":{"type":"string","description_kind":"plain","optional":true,"computed":true},"status":{"type":"string","description_kind":"plain","optional":true,"computed":true}},"description_kind":"plain"},"max_items":1},"mapi":{"nesting_mode":"list","block":{"attributes":{"options":{"type":["set","string"],"description_kind":"plain","optional":true,"computed":true},"oversize_limit":{"type":"number","description_kind":"plain","optional":true,"computed":true},"ports":{"type":["set","number"],"description_kind":"plain","optional":true,"computed":true},"scan_bzip2":{"type":"string","description_kind":"plain","optional":true,"computed":true},"status":{"type":"string","description_kind":"plain","optional":true,"computed":true},"uncompressed_nest_limit":{"type":"number","description_kind":"plain","optional":true,"computed":true},"uncompressed_oversize_limit":{"type":"number","description_kind":"plain","optional":true,"computed":true}},"description_kind":"plain"},"max_items":1},"nntp":{"nesting_mode":"list","block":{"attributes":{"inspect_all":{"type":"string","description_kind":"plain","optional":true,"computed":true},"options":{"type":["set","string"],"description_kind":"plain","optional":true,"computed":true},"oversize_limit":{"type":"number","description_kind":"plain","optional":true,"computed":true},"ports":{"type":["set","number"],"description_kind":"plain","optional":true,"computed":true},"proxy_after_tcp_handshake":{"type":"string","description_kind":"plain","optional":true,"computed":true},"scan_bzip2":{"type":"string","description_kind":"plain","optional":true,"computed":true},"status":{"type":"string","description_kind":"plain","optional":true,"computed":true},"uncompressed_nest_limit":{"type":"number","description_kind":"plain","optional":true,"computed":true},"uncompressed_oversize_limit":{"type":"number","description_kind":"plain","optional":true,"computed":true}},"description_kind":"plain"},"max_items":1},"pop3":{"nesting_mode":"list","block":{"attributes":{"inspect_all":{"type":"string","description_kind":"plain","optional":true,"computed":true},"options":{"type":["set","string"],"description_kind":"plain","optional":true,"computed":true},"oversize_limit":{"type":"number","description_kind":"plain","optional":true,"computed":true},"ports":{"type":["set","number"],"description_kind":"plain","optional":true,"computed":true},"proxy_after_tcp_handshake":{"type":"string","description_kind":"plain","optional":true,"computed":true},"scan_bzip2":{"type":"string","description_kind":"plain","optional":true,"computed":true},"ssl_offloaded":{"type":"string","description_kind":"plain","optional":true,"computed":true},"status":{"type":"string","description_kind":"plain","optional":true,"computed":true},"uncompressed_nest_limit":{"type":"number","description_kind":"plain","optional":true,"computed":true},"uncompressed_oversize_limit":{"type":"number","description_kind":"plain","optional":true,"computed":true}},"description_kind":"plain"},"max_items":1},"smtp":{"nesting_mode":"list","block":{"attributes":{"inspect_all":{"type":"string","description_kind":"plain","optional":true,"computed":true},"options":{"type":["set","string"],"description_kind":"plain","optional":true,"computed":true},"oversize_limit":{"type":"number","description_kind":"plain","optional":true,"computed":true},"ports":{"type":["set","number"],"description_kind":"plain","optional":true,"computed":true},"proxy_after_tcp_handshake":{"type":"string","description_kind":"plain","optional":true,"computed":true},"scan_bzip2":{"type":"string","description_kind":"plain","optional":true,"computed":true},"server_busy":{"type":"string","description_kind":"plain","optional":true,"computed":true},"ssl_offloaded":{"type":"string","description_kind":"plain","optional":true,"computed":true},"status":{"type":"string","description_kind":"plain","optional":true,"computed":true},"uncompressed_nest_limit":{"type":"number","description_kind":"plain","optional":true,"computed":true},"uncompressed_oversize_limit":{"type":"number","description_kind":"plain","optional":true,"computed":true}},"description_kind":"plain"},"max_items":1},"ssh":{"nesting_mode":"list","block":{"attributes":{"comfort_amount":{"type":"number","description_kind":"plain","optional":true,"computed":true},"comfort_interval":{"type":"number","description_kind":"plain","optional":true,"computed":true},"options":{"type":["set","string"],"description_kind":"plain","optional":true,"computed":true},"oversize_limit":{"type":"number","description_kind":"plain","optional":true,"computed":true},"scan_bzip2":{"type":"string","description_kind":"plain","optional":true,"computed":true},"ssl_offloaded":{"type":"string","description_kind":"plain","optional":true,"computed":true},"stream_based_uncompressed_limit":{"type":"number","description_kind":"plain","optional":true,"computed":true},"tcp_window_maximum":{"type":"number","description_kind":"plain","optional":true,"computed":true},"tcp_window_minimum":{"type":"number","description_kind":"plain","optional":true,"computed":true},"tcp_window_size":{"type":"number","description_kind":"plain","optional":true,"computed":true},"tcp_window_type":{"type":"string","description_kind":"plain","optional":true,"computed":true},"uncompressed_nest_limit":{"type":"number","description_kind":"plain","optional":true,"computed":true},"uncompressed_oversize_limit":{"type":"number","description_kind":"plain","optional":true,"computed":true}},"description_kind":"plain"},"max_items":1}},"description_kind":"plain"}},"fortimanager_object_firewall_proxyaddress":{"version":0,"block":{"attributes":{"_image_base64":{"type":"string","description_kind":"plain","optional":true,"computed":true},"adom":{"type":"string","description_kind":"plain","optional":true},"case_sensitivity":{"type":"string","description_kind":"plain","optional":true,"computed":true},"category":{"type":"string","description_kind":"plain","optional":true,"computed":true},"color":{"type":"number","description_kind":"plain","optional":true,"computed":true},"comment":{"type":"string","description_kind":"plain","optional":true,"computed":true},"dynamic_sort_subtable":{"type":"string","description_kind":"plain","optional":true},"header":{"type":"string","description_kind":"plain","optional":true,"computed":true},"header_name":{"type":"string","description_kind":"plain","optional":true,"computed":true},"host":{"type":"string","description_kind":"plain","optional":true,"computed":true},"host_regex":{"type":"string","description_kind":"plain","optional":true,"computed":true},"id":{"type":"string","description_kind":"plain","optional":true,"computed":true},"method":{"type":["set","string"],"description_kind":"plain","optional":true,"computed":true},"name":{"type":"string","description_kind":"plain","optional":true,"computed":true},"path":{"type":"string","description_kind":"plain","optional":true,"computed":true},"query":{"type":"string","description_kind":"plain","optional":true,"computed":true},"referrer":{"type":"string","description_kind":"plain","optional":true,"computed":true},"scopetype":{"type":"string","description_kind":"plain","optional":true},"type":{"type":"string","description_kind":"plain","optional":true,"computed":true},"ua":{"type":["set","string"],"description_kind":"plain","optional":true,"computed":true},"uuid":{"type":"string","description_kind":"plain","optional":true,"computed":true},"visibility":{"type":"string","description_kind":"plain","optional":true,"computed":true}},"block_types":{"header_group":{"nesting_mode":"list","block":{"attributes":{"case_sensitivity":{"type":"string","description_kind":"plain","optional":true,"computed":true},"header":{"type":"string","description_kind":"plain","optional":true,"computed":true},"header_name":{"type":"string","description_kind":"plain","optional":true,"computed":true},"id":{"type":"number","description_kind":"plain","optional":true,"computed":true}},"description_kind":"plain"}},"tagging":{"nesting_mode":"list","block":{"attributes":{"category":{"type":"string","description_kind":"plain","optional":true,"computed":true},"name":{"type":"string","description_kind":"plain","optional":true,"computed":true},"tags":{"type":["set","string"],"description_kind":"plain","optional":true,"computed":true}},"description_kind":"plain"}}},"description_kind":"plain"}},"fortimanager_object_firewall_proxyaddrgrp":{"version":0,"block":{"attributes":{"_image_base64":{"type":"string","description_kind":"plain","optional":true,"computed":true},"adom":{"type":"string","description_kind":"plain","optional":true},"color":{"type":"number","description_kind":"plain","optional":true,"computed":true},"comment":{"type":"string","description_kind":"plain","optional":true,"computed":true},"dynamic_sort_subtable":{"type":"string","description_kind":"plain","optional":true},"id":{"type":"string","description_kind":"plain","optional":true,"computed":true},"member":{"type":["list","string"],"description_kind":"plain","optional":true,"computed":true},"name":{"type":"string","description_kind":"plain","optional":true,"computed":true},"scopetype":{"type":"string","description_kind":"plain","optional":true},"type":{"type":"string","description_kind":"plain","optional":true,"computed":true},"uuid":{"type":"string","description_kind":"plain","optional":true,"computed":true},"visibility":{"type":"string","description_kind":"plain","optional":true,"computed":true}},"block_types":{"tagging":{"nesting_mode":"list","block":{"attributes":{"category":{"type":"string","description_kind":"plain","optional":true,"computed":true},"name":{"type":"string","description_kind":"plain","optional":true,"computed":true},"tags":{"type":["set","string"],"description_kind":"plain","optional":true,"computed":true}},"description_kind":"plain"}}},"description_kind":"plain"}},"fortimanager_object_firewall_schedule_group":{"version":0,"block":{"attributes":{"adom":{"type":"string","description_kind":"plain","optional":true},"color":{"type":"number","description_kind":"plain","optional":true,"computed":true},"fabric_object":{"type":"string","description_kind":"plain","optional":true,"computed":true},"global_object":{"type":"number","description_kind":"plain","optional":true,"computed":true},"id":{"type":"string","description_kind":"plain","optional":true,"computed":true},"member":{"type":["list","string"],"description_kind":"plain","optional":true,"computed":true},"name":{"type":"string","description_kind":"plain","optional":true,"computed":true},"scopetype":{"type":"string","description_kind":"plain","optional":true}},"description_kind":"plain"}},"fortimanager_object_firewall_schedule_onetime":{"version":0,"block":{"attributes":{"adom":{"type":"string","description_kind":"plain","optional":true},"color":{"type":"number","description_kind":"plain","optional":true,"computed":true},"end":{"type":"string","description_kind":"plain","optional":true,"computed":true},"expiration_days":{"type":"number","description_kind":"plain","optional":true,"computed":true},"fabric_object":{"type":"string","description_kind":"plain","optional":true,"computed":true},"global_object":{"type":"number","description_kind":"plain","optional":true,"computed":true},"id":{"type":"string","description_kind":"plain","optional":true,"computed":true},"name":{"type":"string","description_kind":"plain","optional":true,"computed":true},"scopetype":{"type":"string","description_kind":"plain","optional":true},"start":{"type":"string","description_kind":"plain","optional":true,"computed":true}},"description_kind":"plain"}},"fortimanager_object_firewall_schedule_recurring":{"version":0,"block":{"attributes":{"adom":{"type":"string","description_kind":"plain","optional":true},"color":{"type":"number","description_kind":"plain","optional":true,"computed":true},"day":{"type":["set","string"],"description_kind":"plain","optional":true,"computed":true},"end":{"type":"string","description_kind":"plain","optional":true,"computed":true},"fabric_object":{"type":"string","description_kind":"plain","optional":true,"computed":true},"global_object":{"type":"number","description_kind":"plain","optional":true,"computed":true},"id":{"type":"string","description_kind":"plain","optional":true,"computed":true},"name":{"type":"string","description_kind":"plain","optional":true,"computed":true},"scopetype":{"type":"string","description_kind":"plain","optional":true},"start":{"type":"string","description_kind":"plain","optional":true,"computed":true}},"description_kind":"plain"}},"fortimanager_object_firewall_service_category":{"version":0,"block":{"attributes":{"adom":{"type":"string","description_kind":"plain","optional":true},"comment":{"type":"string","description_kind":"plain","optional":true,"computed":true},"fabric_object":{"type":"string","description_kind":"plain","optional":true,"computed":true},"global_object":{"type":"number","description_kind":"plain","optional":true,"computed":true},"id":{"type":"string","description_kind":"plain","optional":true,"computed":true},"name":{"type":"string","description_kind":"plain","optional":true,"computed":true},"scopetype":{"type":"string","description_kind":"plain","optional":true}},"description_kind":"plain"}},"fortimanager_object_firewall_service_custom":{"version":0,"block":{"attributes":{"adom":{"type":"string","description_kind":"plain","optional":true},"app_category":{"type":["set","number"],"description_kind":"plain","optional":true,"computed":true},"app_service_type":{"type":"string","description_kind":"plain","optional":true,"computed":true},"application":{"type":["set","number"],"description_kind":"plain","optional":true,"computed":true},"category":{"type":"string","description_kind":"plain","optional":true,"computed":true},"check_reset_range":{"type":"string","description_kind":"plain","optional":true,"computed":true},"color":{"type":"number","description_kind":"plain","optional":true,"computed":true},"comment":{"type":"string","description_kind":"plain","optional":true,"computed":true},"fabric_object":{"type":"string","description_kind":"plain","optional":true,"computed":true},"fqdn":{"type":"string","description_kind":"plain","optional":true,"computed":true},"global_object":{"type":"number","description_kind":"plain","optional":true,"computed":true},"helper":{"type":"string","description_kind":"plain","optional":true,"computed":true},"icmpcode":{"type":"number","description_kind":"plain","optional":true,"computed":true},"icmptype":{"type":"number","description_kind":"plain","optional":true,"computed":true},"id":{"type":"string","description_kind":"plain","optional":true,"computed":true},"iprange":{"type":"string","description_kind":"plain","optional":true,"computed":true},"name":{"type":"string","description_kind":"plain","optional":true,"computed":true},"protocol":{"type":"string","description_kind":"plain","optional":true,"computed":true},"protocol_number":{"type":"number","description_kind":"plain","optional":true,"computed":true},"proxy":{"type":"string","description_kind":"plain","optional":true,"computed":true},"scopetype":{"type":"string","description_kind":"plain","optional":true},"sctp_portrange":{"type":"string","description_kind":"plain","optional":true,"computed":true},"session_ttl":{"type":"string","description_kind":"plain","optional":true,"computed":true},"tcp_halfclose_timer":{"type":"number","description_kind":"plain","optional":true,"computed":true},"tcp_halfopen_timer":{"type":"number","description_kind":"plain","optional":true,"computed":true},"tcp_portrange":{"type":"string","description_kind":"plain","optional":true,"computed":true},"tcp_rst_timer":{"type":"number","description_kind":"plain","optional":true,"computed":true},"tcp_timewait_timer":{"type":"number","description_kind":"plain","optional":true,"computed":true},"udp_idle_timer":{"type":"number","description_kind":"plain","optional":true,"computed":true},"udp_portrange":{"type":"string","description_kind":"plain","optional":true,"computed":true},"visibility":{"type":"string","description_kind":"plain","optional":true,"computed":true}},"description_kind":"plain"}},"fortimanager_object_firewall_service_group":{"version":0,"block":{"attributes":{"adom":{"type":"string","description_kind":"plain","optional":true},"color":{"type":"number","description_kind":"plain","optional":true,"computed":true},"comment":{"type":"string","description_kind":"plain","optional":true,"computed":true},"fabric_object":{"type":"string","description_kind":"plain","optional":true,"computed":true},"global_object":{"type":"number","description_kind":"plain","optional":true,"computed":true},"id":{"type":"string","description_kind":"plain","optional":true,"computed":true},"member":{"type":["list","string"],"description_kind":"plain","optional":true,"computed":true},"name":{"type":"string","description_kind":"plain","optional":true,"computed":true},"proxy":{"type":"string","description_kind":"plain","optional":true,"computed":true},"scopetype":{"type":"string","description_kind":"plain","optional":true}},"description_kind":"plain"}},"fortimanager_object_firewall_shaper_peripshaper":{"version":0,"block":{"attributes":{"adom":{"type":"string","description_kind":"plain","optional":true},"bandwidth_unit":{"type":"string","description_kind":"plain","optional":true,"computed":true},"diffserv_forward":{"type":"string","description_kind":"plain","optional":true,"computed":true},"diffserv_reverse":{"type":"string","description_kind":"plain","optional":true,"computed":true},"diffservcode_forward":{"type":"string","description_kind":"plain","optional":true,"computed":true},"diffservcode_rev":{"type":"string","description_kind":"plain","optional":true,"computed":true},"id":{"type":"string","description_kind":"plain","optional":true,"computed":true},"max_bandwidth":{"type":"number","description_kind":"plain","optional":true,"computed":true},"max_concurrent_session":{"type":"number","description_kind":"plain","optional":true,"computed":true},"max_concurrent_tcp_session":{"type":"number","description_kind":"plain","optional":true,"computed":true},"max_concurrent_udp_session":{"type":"number","description_kind":"plain","optional":true,"computed":true},"name":{"type":"string","description_kind":"plain","optional":true,"computed":true},"scopetype":{"type":"string","description_kind":"plain","optional":true}},"description_kind":"plain"}},"fortimanager_object_firewall_shaper_trafficshaper":{"version":0,"block":{"attributes":{"adom":{"type":"string","description_kind":"plain","optional":true},"bandwidth_unit":{"type":"string","description_kind":"plain","optional":true,"computed":true},"diffserv":{"type":"string","description_kind":"plain","optional":true,"computed":true},"diffservcode":{"type":"string","description_kind":"plain","optional":true,"computed":true},"dscp_marking_method":{"type":"string","description_kind":"plain","optional":true,"computed":true},"exceed_bandwidth":{"type":"number","description_kind":"plain","optional":true,"computed":true},"exceed_class_id":{"type":"string","description_kind":"plain","optional":true,"computed":true},"exceed_dscp":{"type":"string","description_kind":"plain","optional":true,"computed":true},"guaranteed_bandwidth":{"type":"number","description_kind":"plain","optional":true,"computed":true},"id":{"type":"string","description_kind":"plain","optional":true,"computed":true},"maximum_bandwidth":{"type":"number","description_kind":"plain","optional":true,"computed":true},"maximum_dscp":{"type":"string","description_kind":"plain","optional":true,"computed":true},"name":{"type":"string","description_kind":"plain","optional":true,"computed":true},"overhead":{"type":"number","description_kind":"plain","optional":true,"computed":true},"per_policy":{"type":"string","description_kind":"plain","optional":true,"computed":true},"priority":{"type":"string","description_kind":"plain","optional":true,"computed":true},"scopetype":{"type":"string","description_kind":"plain","optional":true}},"description_kind":"plain"}},"fortimanager_object_firewall_ssh_localca":{"version":0,"block":{"attributes":{"adom":{"type":"string","description_kind":"plain","optional":true},"id":{"type":"string","description_kind":"plain","optional":true,"computed":true},"name":{"type":"string","description_kind":"plain","optional":true,"computed":true},"password":{"type":["set","string"],"description_kind":"plain","optional":true,"computed":true},"private_key":{"type":"string","description_kind":"plain","optional":true,"computed":true},"public_key":{"type":"string","description_kind":"plain","optional":true,"computed":true},"scopetype":{"type":"string","description_kind":"plain","optional":true},"source":{"type":"string","description_kind":"plain","optional":true,"computed":true}},"description_kind":"plain"}},"fortimanager_object_firewall_sslsshprofile":{"version":0,"block":{"attributes":{"adom":{"type":"string","description_kind":"plain","optional":true},"allowlist":{"type":"string","description_kind":"plain","optional":true,"computed":true},"block_blacklisted_certificates":{"type":"string","description_kind":"plain","optional":true,"computed":true},"block_blocklisted_certificates":{"type":"string","description_kind":"plain","optional":true,"computed":true},"caname":{"type":"string","description_kind":"plain","optional":true,"computed":true},"comment":{"type":"string","description_kind":"plain","optional":true,"computed":true},"dynamic_sort_subtable":{"type":"string","description_kind":"plain","optional":true},"id":{"type":"string","description_kind":"plain","optional":true,"computed":true},"mapi_over_https":{"type":"string","description_kind":"plain","optional":true,"computed":true},"name":{"type":"string","description_kind":"plain","optional":true,"computed":true},"rpc_over_https":{"type":"string","description_kind":"plain","optional":true,"computed":true},"scopetype":{"type":"string","description_kind":"plain","optional":true},"server_cert":{"type":"string","description_kind":"plain","optional":true,"computed":true},"server_cert_mode":{"type":"string","description_kind":"plain","optional":true,"computed":true},"ssl_anomalies_log":{"type":"string","description_kind":"plain","optional":true,"computed":true},"ssl_exemptions_log":{"type":"string","description_kind":"plain","optional":true,"computed":true},"ssl_negotiation_log":{"type":"string","description_kind":"plain","optional":true,"computed":true},"supported_alpn":{"type":"string","description_kind":"plain","optional":true,"computed":true},"untrusted_caname":{"type":"string","description_kind":"plain","optional":true,"computed":true},"use_ssl_server":{"type":"string","description_kind":"plain","optional":true,"computed":true},"whitelist":{"type":"string","description_kind":"plain","optional":true,"computed":true}},"block_types":{"dot":{"nesting_mode":"list","block":{"attributes":{"cert_validation_failure":{"type":"string","description_kind":"plain","optional":true,"computed":true},"cert_validation_timeout":{"type":"string","description_kind":"plain","optional":true,"computed":true},"client_certificate":{"type":"string","description_kind":"plain","optional":true,"computed":true},"expired_server_cert":{"type":"string","description_kind":"plain","optional":true,"computed":true},"proxy_after_tcp_handshake":{"type":"string","description_kind":"plain","optional":true,"computed":true},"revoked_server_cert":{"type":"string","description_kind":"plain","optional":true,"computed":true},"sni_server_cert_check":{"type":"string","description_kind":"plain","optional":true,"computed":true},"status":{"type":"string","description_kind":"plain","optional":true,"computed":true},"unsupported_ssl_cipher":{"type":"string","description_kind":"plain","optional":true,"computed":true},"unsupported_ssl_negotiation":{"type":"string","description_kind":"plain","optional":true,"computed":true},"untrusted_server_cert":{"type":"string","description_kind":"plain","optional":true,"computed":true}},"description_kind":"plain"},"max_items":1},"ftps":{"nesting_mode":"list","block":{"attributes":{"cert_validation_failure":{"type":"string","description_kind":"plain","optional":true,"computed":true},"cert_validation_timeout":{"type":"string","description_kind":"plain","optional":true,"computed":true},"client_certificate":{"type":"string","description_kind":"plain","optional":true,"computed":true},"expired_server_cert":{"type":"string","description_kind":"plain","optional":true,"computed":true},"ports":{"type":["set","number"],"description_kind":"plain","optional":true,"computed":true},"revoked_server_cert":{"type":"string","description_kind":"plain","optional":true,"computed":true},"sni_server_cert_check":{"type":"string","description_kind":"plain","optional":true,"computed":true},"status":{"type":"string","description_kind":"plain","optional":true,"computed":true},"unsupported_ssl_cipher":{"type":"string","description_kind":"plain","optional":true,"computed":true},"unsupported_ssl_negotiation":{"type":"string","description_kind":"plain","optional":true,"computed":true},"untrusted_server_cert":{"type":"string","description_kind":"plain","optional":true,"computed":true}},"description_kind":"plain"},"max_items":1},"https":{"nesting_mode":"list","block":{"attributes":{"cert_probe_failure":{"type":"string","description_kind":"plain","optional":true,"computed":true},"cert_validation_failure":{"type":"string","description_kind":"plain","optional":true,"computed":true},"cert_validation_timeout":{"type":"string","description_kind":"plain","optional":true,"computed":true},"client_certificate":{"type":"string","description_kind":"plain","optional":true,"computed":true},"expired_server_cert":{"type":"string","description_kind":"plain","optional":true,"computed":true},"ports":{"type":["set","number"],"description_kind":"plain","optional":true,"computed":true},"proxy_after_tcp_handshake":{"type":"string","description_kind":"plain","optional":true,"computed":true},"revoked_server_cert":{"type":"string","description_kind":"plain","optional":true,"computed":true},"sni_server_cert_check":{"type":"string","description_kind":"plain","optional":true,"computed":true},"status":{"type":"string","description_kind":"plain","optional":true,"computed":true},"unsupported_ssl_cipher":{"type":"string","description_kind":"plain","optional":true,"computed":true},"unsupported_ssl_negotiation":{"type":"string","description_kind":"plain","optional":true,"computed":true},"untrusted_server_cert":{"type":"string","description_kind":"plain","optional":true,"computed":true}},"description_kind":"plain"},"max_items":1},"imaps":{"nesting_mode":"list","block":{"attributes":{"cert_validation_failure":{"type":"string","description_kind":"plain","optional":true,"computed":true},"cert_validation_timeout":{"type":"string","description_kind":"plain","optional":true,"computed":true},"client_certificate":{"type":"string","description_kind":"plain","optional":true,"computed":true},"expired_server_cert":{"type":"string","description_kind":"plain","optional":true,"computed":true},"ports":{"type":["set","number"],"description_kind":"plain","optional":true,"computed":true},"proxy_after_tcp_handshake":{"type":"string","description_kind":"plain","optional":true,"computed":true},"revoked_server_cert":{"type":"string","description_kind":"plain","optional":true,"computed":true},"sni_server_cert_check":{"type":"string","description_kind":"plain","optional":true,"computed":true},"status":{"type":"string","description_kind":"plain","optional":true,"computed":true},"unsupported_ssl_cipher":{"type":"string","description_kind":"plain","optional":true,"computed":true},"unsupported_ssl_negotiation":{"type":"string","description_kind":"plain","optional":true,"computed":true},"untrusted_server_cert":{"type":"string","description_kind":"plain","optional":true,"computed":true}},"description_kind":"plain"},"max_items":1},"pop3s":{"nesting_mode":"list","block":{"attributes":{"cert_validation_failure":{"type":"string","description_kind":"plain","optional":true,"computed":true},"cert_validation_timeout":{"type":"string","description_kind":"plain","optional":true,"computed":true},"client_certificate":{"type":"string","description_kind":"plain","optional":true,"computed":true},"expired_server_cert":{"type":"string","description_kind":"plain","optional":true,"computed":true},"ports":{"type":["set","number"],"description_kind":"plain","optional":true,"computed":true},"proxy_after_tcp_handshake":{"type":"string","description_kind":"plain","optional":true,"computed":true},"revoked_server_cert":{"type":"string","description_kind":"plain","optional":true,"computed":true},"sni_server_cert_check":{"type":"string","description_kind":"plain","optional":true,"computed":true},"status":{"type":"string","description_kind":"plain","optional":true,"computed":true},"unsupported_ssl_cipher":{"type":"string","description_kind":"plain","optional":true,"computed":true},"unsupported_ssl_negotiation":{"type":"string","description_kind":"plain","optional":true,"computed":true},"untrusted_server_cert":{"type":"string","description_kind":"plain","optional":true,"computed":true}},"description_kind":"plain"},"max_items":1},"smtps":{"nesting_mode":"list","block":{"attributes":{"cert_validation_failure":{"type":"string","description_kind":"plain","optional":true,"computed":true},"cert_validation_timeout":{"type":"string","description_kind":"plain","optional":true,"computed":true},"client_certificate":{"type":"string","description_kind":"plain","optional":true,"computed":true},"expired_server_cert":{"type":"string","description_kind":"plain","optional":true,"computed":true},"ports":{"type":["set","number"],"description_kind":"plain","optional":true,"computed":true},"proxy_after_tcp_handshake":{"type":"string","description_kind":"plain","optional":true,"computed":true},"revoked_server_cert":{"type":"string","description_kind":"plain","optional":true,"computed":true},"sni_server_cert_check":{"type":"string","description_kind":"plain","optional":true,"computed":true},"status":{"type":"string","description_kind":"plain","optional":true,"computed":true},"unsupported_ssl_cipher":{"type":"string","description_kind":"plain","optional":true,"computed":true},"unsupported_ssl_negotiation":{"type":"string","description_kind":"plain","optional":true,"computed":true},"untrusted_server_cert":{"type":"string","description_kind":"plain","optional":true,"computed":true}},"description_kind":"plain"},"max_items":1},"ssh":{"nesting_mode":"list","block":{"attributes":{"inspect_all":{"type":"string","description_kind":"plain","optional":true,"computed":true},"ports":{"type":["set","number"],"description_kind":"plain","optional":true,"computed":true},"proxy_after_tcp_handshake":{"type":"string","description_kind":"plain","optional":true,"computed":true},"ssh_algorithm":{"type":"string","description_kind":"plain","optional":true,"computed":true},"ssh_tun_policy_check":{"type":"string","description_kind":"plain","optional":true,"computed":true},"status":{"type":"string","description_kind":"plain","optional":true,"computed":true},"unsupported_version":{"type":"string","description_kind":"plain","optional":true,"computed":true}},"description_kind":"plain"},"max_items":1},"ssl":{"nesting_mode":"list","block":{"attributes":{"cert_validation_failure":{"type":"string","description_kind":"plain","optional":true,"computed":true},"cert_validation_timeout":{"type":"string","description_kind":"plain","optional":true,"computed":true},"client_certificate":{"type":"string","description_kind":"plain","optional":true,"computed":true},"expired_server_cert":{"type":"string","description_kind":"plain","optional":true,"computed":true},"inspect_all":{"type":"string","description_kind":"plain","optional":true,"computed":true},"revoked_server_cert":{"type":"string","description_kind":"plain","optional":true,"computed":true},"sni_server_cert_check":{"type":"string","description_kind":"plain","optional":true,"computed":true},"unsupported_ssl_cipher":{"type":"string","description_kind":"plain","optional":true,"computed":true},"unsupported_ssl_negotiation":{"type":"string","description_kind":"plain","optional":true,"computed":true},"untrusted_server_cert":{"type":"string","description_kind":"plain","optional":true,"computed":true}},"description_kind":"plain"},"max_items":1},"ssl_exempt":{"nesting_mode":"list","block":{"attributes":{"address":{"type":"string","description_kind":"plain","optional":true,"computed":true},"address6":{"type":"string","description_kind":"plain","optional":true,"computed":true},"fortiguard_category":{"type":["list","string"],"description_kind":"plain","optional":true,"computed":true},"id":{"type":"number","description_kind":"plain","optional":true,"computed":true},"regex":{"type":"string","description_kind":"plain","optional":true,"computed":true},"type":{"type":"string","description_kind":"plain","optional":true,"computed":true},"wildcard_fqdn":{"type":["list","string"],"description_kind":"plain","optional":true,"computed":true}},"description_kind":"plain"}},"ssl_server":{"nesting_mode":"list","block":{"attributes":{"ftps_client_cert_request":{"type":"string","description_kind":"plain","optional":true,"computed":true},"ftps_client_certificate":{"type":"string","description_kind":"plain","optional":true,"computed":true},"https_client_cert_request":{"type":"string","description_kind":"plain","optional":true,"computed":true},"https_client_certificate":{"type":"string","description_kind":"plain","optional":true,"computed":true},"id":{"type":"number","description_kind":"plain","optional":true,"computed":true},"imaps_client_cert_request":{"type":"string","description_kind":"plain","optional":true,"computed":true},"imaps_client_certificate":{"type":"string","description_kind":"plain","optional":true,"computed":true},"ip":{"type":"string","description_kind":"plain","optional":true,"computed":true},"pop3s_client_cert_request":{"type":"string","description_kind":"plain","optional":true,"computed":true},"pop3s_client_certificate":{"type":"string","description_kind":"plain","optional":true,"computed":true},"smtps_client_cert_request":{"type":"string","description_kind":"plain","optional":true,"computed":true},"smtps_client_certificate":{"type":"string","description_kind":"plain","optional":true,"computed":true},"ssl_other_client_cert_request":{"type":"string","description_kind":"plain","optional":true,"computed":true},"ssl_other_client_certificate":{"type":"string","description_kind":"plain","optional":true,"computed":true}},"description_kind":"plain"}}},"description_kind":"plain"}},"fortimanager_object_firewall_trafficclass":{"version":0,"block":{"attributes":{"adom":{"type":"string","description_kind":"plain","optional":true},"class_id":{"type":"number","description_kind":"plain","optional":true,"computed":true},"class_name":{"type":"string","description_kind":"plain","optional":true,"computed":true},"id":{"type":"string","description_kind":"plain","optional":true,"computed":true},"scopetype":{"type":"string","description_kind":"plain","optional":true}},"description_kind":"plain"}},"fortimanager_object_firewall_vip":{"version":0,"block":{"attributes":{"adom":{"type":"string","description_kind":"plain","optional":true},"arp_reply":{"type":"string","description_kind":"plain","optional":true,"computed":true},"color":{"type":"number","description_kind":"plain","optional":true,"computed":true},"comment":{"type":"string","description_kind":"plain","optional":true,"computed":true},"dns_mapping_ttl":{"type":"number","description_kind":"plain","optional":true,"computed":true},"dynamic_sort_subtable":{"type":"string","description_kind":"plain","optional":true},"extaddr":{"type":["list","string"],"description_kind":"plain","optional":true,"computed":true},"extintf":{"type":"string","description_kind":"plain","optional":true,"computed":true},"extip":{"type":"string","description_kind":"plain","optional":true,"computed":true},"extport":{"type":"string","description_kind":"plain","optional":true,"computed":true},"fosid":{"type":"number","description_kind":"plain","optional":true,"computed":true},"gratuitous_arp_interval":{"type":"number","description_kind":"plain","optional":true,"computed":true},"http_cookie_age":{"type":"number","description_kind":"plain","optional":true,"computed":true},"http_cookie_domain":{"type":"string","description_kind":"plain","optional":true,"computed":true},"http_cookie_domain_from_host":{"type":"string","description_kind":"plain","optional":true,"computed":true},"http_cookie_generation":{"type":"number","description_kind":"plain","optional":true,"computed":true},"http_cookie_path":{"type":"string","description_kind":"plain","optional":true,"computed":true},"http_cookie_share":{"type":"string","description_kind":"plain","optional":true,"computed":true},"http_ip_header":{"type":"string","description_kind":"plain","optional":true,"computed":true},"http_ip_header_name":{"type":"string","description_kind":"plain","optional":true,"computed":true},"http_multiplex":{"type":"string","description_kind":"plain","optional":true,"computed":true},"http_redirect":{"type":"string","description_kind":"plain","optional":true,"computed":true},"https_cookie_secure":{"type":"string","description_kind":"plain","optional":true,"computed":true},"id":{"type":"string","description_kind":"plain","optional":true,"computed":true},"ldb_method":{"type":"string","description_kind":"plain","optional":true,"computed":true},"mapped_addr":{"type":"string","description_kind":"plain","optional":true,"computed":true},"mappedip":{"type":["set","string"],"description_kind":"plain","optional":true,"computed":true},"mappedport":{"type":"string","description_kind":"plain","optional":true,"computed":true},"max_embryonic_connections":{"type":"number","description_kind":"plain","optional":true,"computed":true},"monitor":{"type":"string","description_kind":"plain","optional":true,"computed":true},"name":{"type":"string","description_kind":"plain","optional":true,"computed":true},"nat_source_vip":{"type":"string","description_kind":"plain","optional":true,"computed":true},"outlook_web_access":{"type":"string","description_kind":"plain","optional":true,"computed":true},"persistence":{"type":"string","description_kind":"plain","optional":true,"computed":true},"portforward":{"type":"string","description_kind":"plain","optional":true,"computed":true},"portmapping_type":{"type":"string","description_kind":"plain","optional":true,"computed":true},"protocol":{"type":"string","description_kind":"plain","optional":true,"computed":true},"scopetype":{"type":"string","description_kind":"plain","optional":true},"server_type":{"type":"string","description_kind":"plain","optional":true,"computed":true},"service":{"type":["list","string"],"description_kind":"plain","optional":true,"computed":true},"src_filter":{"type":["set","string"],"description_kind":"plain","optional":true,"computed":true},"srcintf_filter":{"type":["list","string"],"description_kind":"plain","optional":true,"computed":true},"ssl_algorithm":{"type":"string","description_kind":"plain","optional":true,"computed":true},"ssl_certificate":{"type":"string","description_kind":"plain","optional":true,"computed":true},"ssl_client_fallback":{"type":"string","description_kind":"plain","optional":true,"computed":true},"ssl_client_rekey_count":{"type":"number","description_kind":"plain","optional":true,"computed":true},"ssl_client_renegotiation":{"type":"string","description_kind":"plain","optional":true,"computed":true},"ssl_client_session_state_max":{"type":"number","description_kind":"plain","optional":true,"computed":true},"ssl_client_session_state_timeout":{"type":"number","description_kind":"plain","optional":true,"computed":true},"ssl_client_session_state_type":{"type":"string","description_kind":"plain","optional":true,"computed":true},"ssl_dh_bits":{"type":"string","description_kind":"plain","optional":true,"computed":true},"ssl_hpkp":{"type":"string","description_kind":"plain","optional":true,"computed":true},"ssl_hpkp_age":{"type":"number","description_kind":"plain","optional":true,"computed":true},"ssl_hpkp_backup":{"type":"string","description_kind":"plain","optional":true,"computed":true},"ssl_hpkp_include_subdomains":{"type":"string","description_kind":"plain","optional":true,"computed":true},"ssl_hpkp_primary":{"type":"string","description_kind":"plain","optional":true,"computed":true},"ssl_hpkp_report_uri":{"type":"string","description_kind":"plain","optional":true,"computed":true},"ssl_hsts":{"type":"string","description_kind":"plain","optional":true,"computed":true},"ssl_hsts_age":{"type":"number","description_kind":"plain","optional":true,"computed":true},"ssl_hsts_include_subdomains":{"type":"string","description_kind":"plain","optional":true,"computed":true},"ssl_http_location_conversion":{"type":"string","description_kind":"plain","optional":true,"computed":true},"ssl_http_match_host":{"type":"string","description_kind":"plain","optional":true,"computed":true},"ssl_max_version":{"type":"string","description_kind":"plain","optional":true,"computed":true},"ssl_min_version":{"type":"string","description_kind":"plain","optional":true,"computed":true},"ssl_mode":{"type":"string","description_kind":"plain","optional":true,"computed":true},"ssl_pfs":{"type":"string","description_kind":"plain","optional":true,"computed":true},"ssl_send_empty_frags":{"type":"string","description_kind":"plain","optional":true,"computed":true},"ssl_server_algorithm":{"type":"string","description_kind":"plain","optional":true,"computed":true},"ssl_server_max_version":{"type":"string","description_kind":"plain","optional":true,"computed":true},"ssl_server_min_version":{"type":"string","description_kind":"plain","optional":true,"computed":true},"ssl_server_session_state_max":{"type":"number","description_kind":"plain","optional":true,"computed":true},"ssl_server_session_state_timeout":{"type":"number","description_kind":"plain","optional":true,"computed":true},"ssl_server_session_state_type":{"type":"string","description_kind":"plain","optional":true,"computed":true},"status":{"type":"string","description_kind":"plain","optional":true,"computed":true},"type":{"type":"string","description_kind":"plain","optional":true,"computed":true},"uuid":{"type":"string","description_kind":"plain","optional":true,"computed":true},"weblogic_server":{"type":"string","description_kind":"plain","optional":true,"computed":true},"websphere_server":{"type":"string","description_kind":"plain","optional":true,"computed":true}},"block_types":{"dynamic_mapping":{"nesting_mode":"list","block":{"attributes":{"arp_reply":{"type":"string","description_kind":"plain","optional":true,"computed":true},"color":{"type":"number","description_kind":"plain","optional":true,"computed":true},"comment":{"type":"string","description_kind":"plain","optional":true,"computed":true},"dns_mapping_ttl":{"type":"number","description_kind":"plain","optional":true,"computed":true},"extaddr":{"type":"string","description_kind":"plain","optional":true,"computed":true},"extintf":{"type":"string","description_kind":"plain","optional":true,"computed":true},"extip":{"type":"string","description_kind":"plain","optional":true,"computed":true},"extport":{"type":"string","description_kind":"plain","optional":true,"computed":true},"gratuitous_arp_interval":{"type":"number","description_kind":"plain","optional":true,"computed":true},"http_cookie_age":{"type":"number","description_kind":"plain","optional":true,"computed":true},"http_cookie_domain":{"type":"string","description_kind":"plain","optional":true,"computed":true},"http_cookie_domain_from_host":{"type":"string","description_kind":"plain","optional":true,"computed":true},"http_cookie_generation":{"type":"number","description_kind":"plain","optional":true,"computed":true},"http_cookie_path":{"type":"string","description_kind":"plain","optional":true,"computed":true},"http_cookie_share":{"type":"string","description_kind":"plain","optional":true,"computed":true},"http_ip_header":{"type":"string","description_kind":"plain","optional":true,"computed":true},"http_ip_header_name":{"type":"string","description_kind":"plain","optional":true,"computed":true},"http_multiplex":{"type":"string","description_kind":"plain","optional":true,"computed":true},"http_redirect":{"type":"string","description_kind":"plain","optional":true,"computed":true},"https_cookie_secure":{"type":"string","description_kind":"plain","optional":true,"computed":true},"id":{"type":"number","description_kind":"plain","optional":true,"computed":true},"ldb_method":{"type":"string","description_kind":"plain","optional":true,"computed":true},"mapped_addr":{"type":"string","description_kind":"plain","optional":true,"computed":true},"mappedip":{"type":["set","string"],"description_kind":"plain","optional":true,"computed":true},"mappedport":{"type":"string","description_kind":"plain","optional":true,"computed":true},"max_embryonic_connections":{"type":"number","description_kind":"plain","optional":true,"computed":true},"monitor":{"type":"string","description_kind":"plain","optional":true,"computed":true},"nat_source_vip":{"type":"string","description_kind":"plain","optional":true,"computed":true},"outlook_web_access":{"type":"string","description_kind":"plain","optional":true,"computed":true},"persistence":{"type":"string","description_kind":"plain","optional":true,"computed":true},"portforward":{"type":"string","description_kind":"plain","optional":true,"computed":true},"portmapping_type":{"type":"string","description_kind":"plain","optional":true,"computed":true},"protocol":{"type":"string","description_kind":"plain","optional":true,"computed":true},"server_type":{"type":"string","description_kind":"plain","optional":true,"computed":true},"service":{"type":"string","description_kind":"plain","optional":true,"computed":true},"src_filter":{"type":["set","string"],"description_kind":"plain","optional":true,"computed":true},"srcintf_filter":{"type":["set","string"],"description_kind":"plain","optional":true,"computed":true},"ssl_algorithm":{"type":"string","description_kind":"plain","optional":true,"computed":true},"ssl_certificate":{"type":"string","description_kind":"plain","optional":true,"computed":true},"ssl_client_fallback":{"type":"string","description_kind":"plain","optional":true,"computed":true},"ssl_client_rekey_count":{"type":"number","description_kind":"plain","optional":true,"computed":true},"ssl_client_renegotiation":{"type":"string","description_kind":"plain","optional":true,"computed":true},"ssl_client_session_state_max":{"type":"number","description_kind":"plain","optional":true,"computed":true},"ssl_client_session_state_timeout":{"type":"number","description_kind":"plain","optional":true,"computed":true},"ssl_client_session_state_type":{"type":"string","description_kind":"plain","optional":true,"computed":true},"ssl_dh_bits":{"type":"string","description_kind":"plain","optional":true,"computed":true},"ssl_hpkp":{"type":"string","description_kind":"plain","optional":true,"computed":true},"ssl_hpkp_age":{"type":"number","description_kind":"plain","optional":true,"computed":true},"ssl_hpkp_backup":{"type":"string","description_kind":"plain","optional":true,"computed":true},"ssl_hpkp_include_subdomains":{"type":"string","description_kind":"plain","optional":true,"computed":true},"ssl_hpkp_primary":{"type":"string","description_kind":"plain","optional":true,"computed":true},"ssl_hpkp_report_uri":{"type":"string","description_kind":"plain","optional":true,"computed":true},"ssl_hsts":{"type":"string","description_kind":"plain","optional":true,"computed":true},"ssl_hsts_age":{"type":"number","description_kind":"plain","optional":true,"computed":true},"ssl_hsts_include_subdomains":{"type":"string","description_kind":"plain","optional":true,"computed":true},"ssl_http_location_conversion":{"type":"string","description_kind":"plain","optional":true,"computed":true},"ssl_http_match_host":{"type":"string","description_kind":"plain","optional":true,"computed":true},"ssl_max_version":{"type":"string","description_kind":"plain","optional":true,"computed":true},"ssl_min_version":{"type":"string","description_kind":"plain","optional":true,"computed":true},"ssl_mode":{"type":"string","description_kind":"plain","optional":true,"computed":true},"ssl_pfs":{"type":"string","description_kind":"plain","optional":true,"computed":true},"ssl_send_empty_frags":{"type":"string","description_kind":"plain","optional":true,"computed":true},"ssl_server_algorithm":{"type":"string","description_kind":"plain","optional":true,"computed":true},"ssl_server_max_version":{"type":"string","description_kind":"plain","optional":true,"computed":true},"ssl_server_min_version":{"type":"string","description_kind":"plain","optional":true,"computed":true},"ssl_server_session_state_max":{"type":"number","description_kind":"plain","optional":true,"computed":true},"ssl_server_session_state_timeout":{"type":"number","description_kind":"plain","optional":true,"computed":true},"ssl_server_session_state_type":{"type":"string","description_kind":"plain","optional":true,"computed":true},"status":{"type":"string","description_kind":"plain","optional":true,"computed":true},"type":{"type":"string","description_kind":"plain","optional":true,"computed":true},"uuid":{"type":"string","description_kind":"plain","optional":true,"computed":true},"weblogic_server":{"type":"string","description_kind":"plain","optional":true,"computed":true},"websphere_server":{"type":"string","description_kind":"plain","optional":true,"computed":true}},"block_types":{"_scope":{"nesting_mode":"list","block":{"attributes":{"name":{"type":"string","description_kind":"plain","optional":true,"computed":true},"vdom":{"type":"string","description_kind":"plain","optional":true,"computed":true}},"description_kind":"plain"}},"realservers":{"nesting_mode":"list","block":{"attributes":{"address":{"type":"string","description_kind":"plain","optional":true,"computed":true},"client_ip":{"type":["set","string"],"description_kind":"plain","optional":true,"computed":true},"healthcheck":{"type":"string","description_kind":"plain","optional":true,"computed":true},"holddown_interval":{"type":"number","description_kind":"plain","optional":true,"computed":true},"http_host":{"type":"string","description_kind":"plain","optional":true,"computed":true},"id":{"type":"number","description_kind":"plain","optional":true,"computed":true},"ip":{"type":"string","description_kind":"plain","optional":true,"computed":true},"max_connections":{"type":"number","description_kind":"plain","optional":true,"computed":true},"monitor":{"type":"string","description_kind":"plain","optional":true,"computed":true},"port":{"type":"number","description_kind":"plain","optional":true,"computed":true},"seq":{"type":"number","description_kind":"plain","optional":true,"computed":true},"status":{"type":"string","description_kind":"plain","optional":true,"computed":true},"type":{"type":"string","description_kind":"plain","optional":true,"computed":true},"weight":{"type":"number","description_kind":"plain","optional":true,"computed":true}},"description_kind":"plain"}},"ssl_cipher_suites":{"nesting_mode":"list","block":{"attributes":{"cipher":{"type":"string","description_kind":"plain","optional":true,"computed":true},"id":{"type":"number","description_kind":"plain","optional":true,"computed":true},"priority":{"type":"number","description_kind":"plain","optional":true,"computed":true},"versions":{"type":["set","string"],"description_kind":"plain","optional":true,"computed":true}},"description_kind":"plain"}}},"description_kind":"plain"}},"realservers":{"nesting_mode":"list","block":{"attributes":{"address":{"type":"string","description_kind":"plain","optional":true,"computed":true},"client_ip":{"type":["set","string"],"description_kind":"plain","optional":true,"computed":true},"healthcheck":{"type":"string","description_kind":"plain","optional":true,"computed":true},"holddown_interval":{"type":"number","description_kind":"plain","optional":true,"computed":true},"http_host":{"type":"string","description_kind":"plain","optional":true,"computed":true},"id":{"type":"number","description_kind":"plain","optional":true,"computed":true},"ip":{"type":"string","description_kind":"plain","optional":true,"computed":true},"max_connections":{"type":"number","description_kind":"plain","optional":true,"computed":true},"monitor":{"type":"string","description_kind":"plain","optional":true,"computed":true},"port":{"type":"number","description_kind":"plain","optional":true,"computed":true},"seq":{"type":"number","description_kind":"plain","optional":true,"computed":true},"status":{"type":"string","description_kind":"plain","optional":true,"computed":true},"type":{"type":"string","description_kind":"plain","optional":true,"computed":true},"weight":{"type":"number","description_kind":"plain","optional":true,"computed":true}},"description_kind":"plain"}},"ssl_cipher_suites":{"nesting_mode":"list","block":{"attributes":{"cipher":{"type":"string","description_kind":"plain","optional":true,"computed":true},"id":{"type":"number","description_kind":"plain","optional":true,"computed":true},"priority":{"type":"number","description_kind":"plain","optional":true,"computed":true},"versions":{"type":["set","string"],"description_kind":"plain","optional":true,"computed":true}},"description_kind":"plain"}},"ssl_server_cipher_suites":{"nesting_mode":"list","block":{"attributes":{"cipher":{"type":"string","description_kind":"plain","optional":true,"computed":true},"priority":{"type":"number","description_kind":"plain","optional":true,"computed":true},"versions":{"type":["set","string"],"description_kind":"plain","optional":true,"computed":true}},"description_kind":"plain"}}},"description_kind":"plain"}},"fortimanager_object_firewall_vip46":{"version":0,"block":{"attributes":{"adom":{"type":"string","description_kind":"plain","optional":true},"arp_reply":{"type":"string","description_kind":"plain","optional":true,"computed":true},"color":{"type":"number","description_kind":"plain","optional":true,"computed":true},"comment":{"type":"string","description_kind":"plain","optional":true,"computed":true},"dynamic_sort_subtable":{"type":"string","description_kind":"plain","optional":true},"extip":{"type":"string","description_kind":"plain","optional":true,"computed":true},"extport":{"type":"string","description_kind":"plain","optional":true,"computed":true},"fosid":{"type":"number","description_kind":"plain","optional":true,"computed":true},"id":{"type":"string","description_kind":"plain","optional":true,"computed":true},"ldb_method":{"type":"string","description_kind":"plain","optional":true,"computed":true},"mappedip":{"type":"string","description_kind":"plain","optional":true,"computed":true},"mappedport":{"type":"string","description_kind":"plain","optional":true,"computed":true},"monitor":{"type":["list","string"],"description_kind":"plain","optional":true,"computed":true},"name":{"type":"string","description_kind":"plain","optional":true,"computed":true},"portforward":{"type":"string","description_kind":"plain","optional":true,"computed":true},"protocol":{"type":"string","description_kind":"plain","optional":true,"computed":true},"scopetype":{"type":"string","description_kind":"plain","optional":true},"server_type":{"type":"string","description_kind":"plain","optional":true,"computed":true},"src_filter":{"type":["set","string"],"description_kind":"plain","optional":true,"computed":true},"srcintf_filter":{"type":"string","description_kind":"plain","optional":true,"computed":true},"type":{"type":"string","description_kind":"plain","optional":true,"computed":true},"uuid":{"type":"string","description_kind":"plain","optional":true,"computed":true}},"block_types":{"dynamic_mapping":{"nesting_mode":"list","block":{"attributes":{"arp_reply":{"type":"string","description_kind":"plain","optional":true,"computed":true},"color":{"type":"number","description_kind":"plain","optional":true,"computed":true},"comment":{"type":"string","description_kind":"plain","optional":true,"computed":true},"extip":{"type":"string","description_kind":"plain","optional":true,"computed":true},"extport":{"type":"string","description_kind":"plain","optional":true,"computed":true},"id":{"type":"number","description_kind":"plain","optional":true,"computed":true},"ldb_method":{"type":"string","description_kind":"plain","optional":true,"computed":true},"mappedip":{"type":"string","description_kind":"plain","optional":true,"computed":true},"mappedport":{"type":"string","description_kind":"plain","optional":true,"computed":true},"monitor":{"type":"string","description_kind":"plain","optional":true,"computed":true},"portforward":{"type":"string","description_kind":"plain","optional":true,"computed":true},"protocol":{"type":"string","description_kind":"plain","optional":true,"computed":true},"server_type":{"type":"string","description_kind":"plain","optional":true,"computed":true},"src_filter":{"type":["set","string"],"description_kind":"plain","optional":true,"computed":true},"srcintf_filter":{"type":"string","description_kind":"plain","optional":true,"computed":true},"type":{"type":"string","description_kind":"plain","optional":true,"computed":true},"uuid":{"type":"string","description_kind":"plain","optional":true,"computed":true}},"block_types":{"_scope":{"nesting_mode":"list","block":{"attributes":{"name":{"type":"string","description_kind":"plain","optional":true,"computed":true},"vdom":{"type":"string","description_kind":"plain","optional":true,"computed":true}},"description_kind":"plain"}}},"description_kind":"plain"}},"realservers":{"nesting_mode":"list","block":{"attributes":{"client_ip":{"type":"string","description_kind":"plain","optional":true,"computed":true},"healthcheck":{"type":"string","description_kind":"plain","optional":true,"computed":true},"holddown_interval":{"type":"number","description_kind":"plain","optional":true,"computed":true},"id":{"type":"number","description_kind":"plain","optional":true,"computed":true},"ip":{"type":"string","description_kind":"plain","optional":true,"computed":true},"max_connections":{"type":"number","description_kind":"plain","optional":true,"computed":true},"monitor":{"type":"string","description_kind":"plain","optional":true,"computed":true},"port":{"type":"number","description_kind":"plain","optional":true,"computed":true},"status":{"type":"string","description_kind":"plain","optional":true,"computed":true},"weight":{"type":"number","description_kind":"plain","optional":true,"computed":true}},"description_kind":"plain"}}},"description_kind":"plain"}},"fortimanager_object_firewall_vip6":{"version":0,"block":{"attributes":{"adom":{"type":"string","description_kind":"plain","optional":true},"arp_reply":{"type":"string","description_kind":"plain","optional":true,"computed":true},"color":{"type":"number","description_kind":"plain","optional":true,"computed":true},"comment":{"type":"string","description_kind":"plain","optional":true,"computed":true},"dynamic_sort_subtable":{"type":"string","description_kind":"plain","optional":true},"extip":{"type":"string","description_kind":"plain","optional":true,"computed":true},"extport":{"type":"string","description_kind":"plain","optional":true,"computed":true},"fosid":{"type":"number","description_kind":"plain","optional":true,"computed":true},"http_cookie_age":{"type":"number","description_kind":"plain","optional":true,"computed":true},"http_cookie_domain":{"type":"string","description_kind":"plain","optional":true,"computed":true},"http_cookie_domain_from_host":{"type":"string","description_kind":"plain","optional":true,"computed":true},"http_cookie_generation":{"type":"number","description_kind":"plain","optional":true,"computed":true},"http_cookie_path":{"type":"string","description_kind":"plain","optional":true,"computed":true},"http_cookie_share":{"type":"string","description_kind":"plain","optional":true,"computed":true},"http_ip_header":{"type":"string","description_kind":"plain","optional":true,"computed":true},"http_ip_header_name":{"type":"string","description_kind":"plain","optional":true,"computed":true},"http_multiplex":{"type":"string","description_kind":"plain","optional":true,"computed":true},"http_redirect":{"type":"string","description_kind":"plain","optional":true,"computed":true},"https_cookie_secure":{"type":"string","description_kind":"plain","optional":true,"computed":true},"id":{"type":"string","description_kind":"plain","optional":true,"computed":true},"ldb_method":{"type":"string","description_kind":"plain","optional":true,"computed":true},"mappedip":{"type":["list","string"],"description_kind":"plain","optional":true,"computed":true},"mappedport":{"type":"string","description_kind":"plain","optional":true,"computed":true},"max_embryonic_connections":{"type":"number","description_kind":"plain","optional":true,"computed":true},"monitor":{"type":"string","description_kind":"plain","optional":true,"computed":true},"name":{"type":"string","description_kind":"plain","optional":true,"computed":true},"nat_source_vip":{"type":"string","description_kind":"plain","optional":true,"computed":true},"outlook_web_access":{"type":"string","description_kind":"plain","optional":true,"computed":true},"persistence":{"type":"string","description_kind":"plain","optional":true,"computed":true},"portforward":{"type":"string","description_kind":"plain","optional":true,"computed":true},"protocol":{"type":"string","description_kind":"plain","optional":true,"computed":true},"scopetype":{"type":"string","description_kind":"plain","optional":true},"server_type":{"type":"string","description_kind":"plain","optional":true,"computed":true},"src_filter":{"type":["set","string"],"description_kind":"plain","optional":true,"computed":true},"ssl_algorithm":{"type":"string","description_kind":"plain","optional":true,"computed":true},"ssl_certificate":{"type":"string","description_kind":"plain","optional":true,"computed":true},"ssl_client_fallback":{"type":"string","description_kind":"plain","optional":true,"computed":true},"ssl_client_rekey_count":{"type":"number","description_kind":"plain","optional":true,"computed":true},"ssl_client_renegotiation":{"type":"string","description_kind":"plain","optional":true,"computed":true},"ssl_client_session_state_max":{"type":"number","description_kind":"plain","optional":true,"computed":true},"ssl_client_session_state_timeout":{"type":"number","description_kind":"plain","optional":true,"computed":true},"ssl_client_session_state_type":{"type":"string","description_kind":"plain","optional":true,"computed":true},"ssl_dh_bits":{"type":"string","description_kind":"plain","optional":true,"computed":true},"ssl_hpkp":{"type":"string","description_kind":"plain","optional":true,"computed":true},"ssl_hpkp_age":{"type":"number","description_kind":"plain","optional":true,"computed":true},"ssl_hpkp_backup":{"type":"string","description_kind":"plain","optional":true,"computed":true},"ssl_hpkp_include_subdomains":{"type":"string","description_kind":"plain","optional":true,"computed":true},"ssl_hpkp_primary":{"type":"string","description_kind":"plain","optional":true,"computed":true},"ssl_hpkp_report_uri":{"type":"string","description_kind":"plain","optional":true,"computed":true},"ssl_hsts":{"type":"string","description_kind":"plain","optional":true,"computed":true},"ssl_hsts_age":{"type":"number","description_kind":"plain","optional":true,"computed":true},"ssl_hsts_include_subdomains":{"type":"string","description_kind":"plain","optional":true,"computed":true},"ssl_http_location_conversion":{"type":"string","description_kind":"plain","optional":true,"computed":true},"ssl_http_match_host":{"type":"string","description_kind":"plain","optional":true,"computed":true},"ssl_max_version":{"type":"string","description_kind":"plain","optional":true,"computed":true},"ssl_min_version":{"type":"string","description_kind":"plain","optional":true,"computed":true},"ssl_mode":{"type":"string","description_kind":"plain","optional":true,"computed":true},"ssl_pfs":{"type":"string","description_kind":"plain","optional":true,"computed":true},"ssl_send_empty_frags":{"type":"string","description_kind":"plain","optional":true,"computed":true},"ssl_server_algorithm":{"type":"string","description_kind":"plain","optional":true,"computed":true},"ssl_server_max_version":{"type":"string","description_kind":"plain","optional":true,"computed":true},"ssl_server_min_version":{"type":"string","description_kind":"plain","optional":true,"computed":true},"ssl_server_session_state_max":{"type":"number","description_kind":"plain","optional":true,"computed":true},"ssl_server_session_state_timeout":{"type":"number","description_kind":"plain","optional":true,"computed":true},"ssl_server_session_state_type":{"type":"string","description_kind":"plain","optional":true,"computed":true},"type":{"type":"string","description_kind":"plain","optional":true,"computed":true},"uuid":{"type":"string","description_kind":"plain","optional":true,"computed":true},"weblogic_server":{"type":"string","description_kind":"plain","optional":true,"computed":true},"websphere_server":{"type":"string","description_kind":"plain","optional":true,"computed":true}},"block_types":{"dynamic_mapping":{"nesting_mode":"list","block":{"attributes":{"arp_reply":{"type":"string","description_kind":"plain","optional":true,"computed":true},"color":{"type":"number","description_kind":"plain","optional":true,"computed":true},"comment":{"type":"string","description_kind":"plain","optional":true,"computed":true},"extip":{"type":"string","description_kind":"plain","optional":true,"computed":true},"extport":{"type":"string","description_kind":"plain","optional":true,"computed":true},"http_cookie_age":{"type":"number","description_kind":"plain","optional":true,"computed":true},"http_cookie_domain":{"type":"string","description_kind":"plain","optional":true,"computed":true},"http_cookie_domain_from_host":{"type":"string","description_kind":"plain","optional":true,"computed":true},"http_cookie_generation":{"type":"number","description_kind":"plain","optional":true,"computed":true},"http_cookie_path":{"type":"string","description_kind":"plain","optional":true,"computed":true},"http_cookie_share":{"type":"string","description_kind":"plain","optional":true,"computed":true},"http_ip_header":{"type":"string","description_kind":"plain","optional":true,"computed":true},"http_ip_header_name":{"type":"string","description_kind":"plain","optional":true,"computed":true},"http_multiplex":{"type":"string","description_kind":"plain","optional":true,"computed":true},"http_redirect":{"type":"string","description_kind":"plain","optional":true,"computed":true},"https_cookie_secure":{"type":"string","description_kind":"plain","optional":true,"computed":true},"id":{"type":"number","description_kind":"plain","optional":true,"computed":true},"ldb_method":{"type":"string","description_kind":"plain","optional":true,"computed":true},"mappedip":{"type":"string","description_kind":"plain","optional":true,"computed":true},"mappedport":{"type":"string","description_kind":"plain","optional":true,"computed":true},"max_embryonic_connections":{"type":"number","description_kind":"plain","optional":true,"computed":true},"monitor":{"type":"string","description_kind":"plain","optional":true,"computed":true},"nat_source_vip":{"type":"string","description_kind":"plain","optional":true,"computed":true},"outlook_web_access":{"type":"string","description_kind":"plain","optional":true,"computed":true},"persistence":{"type":"string","description_kind":"plain","optional":true,"computed":true},"portforward":{"type":"string","description_kind":"plain","optional":true,"computed":true},"protocol":{"type":"string","description_kind":"plain","optional":true,"computed":true},"server_type":{"type":"string","description_kind":"plain","optional":true,"computed":true},"src_filter":{"type":["set","string"],"description_kind":"plain","optional":true,"computed":true},"ssl_algorithm":{"type":"string","description_kind":"plain","optional":true,"computed":true},"ssl_certificate":{"type":"string","description_kind":"plain","optional":true,"computed":true},"ssl_client_fallback":{"type":"string","description_kind":"plain","optional":true,"computed":true},"ssl_client_rekey_count":{"type":"number","description_kind":"plain","optional":true,"computed":true},"ssl_client_renegotiation":{"type":"string","description_kind":"plain","optional":true,"computed":true},"ssl_client_session_state_max":{"type":"number","description_kind":"plain","optional":true,"computed":true},"ssl_client_session_state_timeout":{"type":"number","description_kind":"plain","optional":true,"computed":true},"ssl_client_session_state_type":{"type":"string","description_kind":"plain","optional":true,"computed":true},"ssl_dh_bits":{"type":"string","description_kind":"plain","optional":true,"computed":true},"ssl_hpkp":{"type":"string","description_kind":"plain","optional":true,"computed":true},"ssl_hpkp_age":{"type":"number","description_kind":"plain","optional":true,"computed":true},"ssl_hpkp_backup":{"type":"string","description_kind":"plain","optional":true,"computed":true},"ssl_hpkp_include_subdomains":{"type":"string","description_kind":"plain","optional":true,"computed":true},"ssl_hpkp_primary":{"type":"string","description_kind":"plain","optional":true,"computed":true},"ssl_hpkp_report_uri":{"type":"string","description_kind":"plain","optional":true,"computed":true},"ssl_hsts":{"type":"string","description_kind":"plain","optional":true,"computed":true},"ssl_hsts_age":{"type":"number","description_kind":"plain","optional":true,"computed":true},"ssl_hsts_include_subdomains":{"type":"string","description_kind":"plain","optional":true,"computed":true},"ssl_http_location_conversion":{"type":"string","description_kind":"plain","optional":true,"computed":true},"ssl_http_match_host":{"type":"string","description_kind":"plain","optional":true,"computed":true},"ssl_max_version":{"type":"string","description_kind":"plain","optional":true,"computed":true},"ssl_min_version":{"type":"string","description_kind":"plain","optional":true,"computed":true},"ssl_mode":{"type":"string","description_kind":"plain","optional":true,"computed":true},"ssl_pfs":{"type":"string","description_kind":"plain","optional":true,"computed":true},"ssl_send_empty_frags":{"type":"string","description_kind":"plain","optional":true,"computed":true},"ssl_server_algorithm":{"type":"string","description_kind":"plain","optional":true,"computed":true},"ssl_server_max_version":{"type":"string","description_kind":"plain","optional":true,"computed":true},"ssl_server_min_version":{"type":"string","description_kind":"plain","optional":true,"computed":true},"ssl_server_session_state_max":{"type":"number","description_kind":"plain","optional":true,"computed":true},"ssl_server_session_state_timeout":{"type":"number","description_kind":"plain","optional":true,"computed":true},"ssl_server_session_state_type":{"type":"string","description_kind":"plain","optional":true,"computed":true},"type":{"type":"string","description_kind":"plain","optional":true,"computed":true},"uuid":{"type":"string","description_kind":"plain","optional":true,"computed":true},"weblogic_server":{"type":"string","description_kind":"plain","optional":true,"computed":true},"websphere_server":{"type":"string","description_kind":"plain","optional":true,"computed":true}},"block_types":{"_scope":{"nesting_mode":"list","block":{"attributes":{"name":{"type":"string","description_kind":"plain","optional":true,"computed":true},"vdom":{"type":"string","description_kind":"plain","optional":true,"computed":true}},"description_kind":"plain"}}},"description_kind":"plain"}},"realservers":{"nesting_mode":"list","block":{"attributes":{"client_ip":{"type":"string","description_kind":"plain","optional":true,"computed":true},"healthcheck":{"type":"string","description_kind":"plain","optional":true,"computed":true},"holddown_interval":{"type":"number","description_kind":"plain","optional":true,"computed":true},"http_host":{"type":"string","description_kind":"plain","optional":true,"computed":true},"id":{"type":"number","description_kind":"plain","optional":true,"computed":true},"ip":{"type":"string","description_kind":"plain","optional":true,"computed":true},"max_connections":{"type":"number","description_kind":"plain","optional":true,"computed":true},"monitor":{"type":"string","description_kind":"plain","optional":true,"computed":true},"port":{"type":"number","description_kind":"plain","optional":true,"computed":true},"status":{"type":"string","description_kind":"plain","optional":true,"computed":true},"weight":{"type":"number","description_kind":"plain","optional":true,"computed":true}},"description_kind":"plain"}},"ssl_cipher_suites":{"nesting_mode":"list","block":{"attributes":{"cipher":{"type":"string","description_kind":"plain","optional":true,"computed":true},"priority":{"type":"number","description_kind":"plain","optional":true,"computed":true},"versions":{"type":["set","string"],"description_kind":"plain","optional":true,"computed":true}},"description_kind":"plain"}},"ssl_server_cipher_suites":{"nesting_mode":"list","block":{"attributes":{"cipher":{"type":"string","description_kind":"plain","optional":true,"computed":true},"priority":{"type":"number","description_kind":"plain","optional":true,"computed":true},"versions":{"type":["set","string"],"description_kind":"plain","optional":true,"computed":true}},"description_kind":"plain"}}},"description_kind":"plain"}},"fortimanager_object_firewall_vip64":{"version":0,"block":{"attributes":{"adom":{"type":"string","description_kind":"plain","optional":true},"arp_reply":{"type":"string","description_kind":"plain","optional":true,"computed":true},"color":{"type":"number","description_kind":"plain","optional":true,"computed":true},"comment":{"type":"string","description_kind":"plain","optional":true,"computed":true},"dynamic_sort_subtable":{"type":"string","description_kind":"plain","optional":true},"extip":{"type":"string","description_kind":"plain","optional":true,"computed":true},"extport":{"type":"string","description_kind":"plain","optional":true,"computed":true},"fosid":{"type":"number","description_kind":"plain","optional":true,"computed":true},"id":{"type":"string","description_kind":"plain","optional":true,"computed":true},"ldb_method":{"type":"string","description_kind":"plain","optional":true,"computed":true},"mappedip":{"type":"string","description_kind":"plain","optional":true,"computed":true},"mappedport":{"type":"string","description_kind":"plain","optional":true,"computed":true},"monitor":{"type":["list","string"],"description_kind":"plain","optional":true,"computed":true},"name":{"type":"string","description_kind":"plain","optional":true,"computed":true},"portforward":{"type":"string","description_kind":"plain","optional":true,"computed":true},"protocol":{"type":"string","description_kind":"plain","optional":true,"computed":true},"scopetype":{"type":"string","description_kind":"plain","optional":true},"server_type":{"type":"string","description_kind":"plain","optional":true,"computed":true},"src_filter":{"type":["set","string"],"description_kind":"plain","optional":true,"computed":true},"type":{"type":"string","description_kind":"plain","optional":true,"computed":true},"uuid":{"type":"string","description_kind":"plain","optional":true,"computed":true}},"block_types":{"dynamic_mapping":{"nesting_mode":"list","block":{"attributes":{"arp_reply":{"type":"string","description_kind":"plain","optional":true,"computed":true},"color":{"type":"number","description_kind":"plain","optional":true,"computed":true},"comment":{"type":"string","description_kind":"plain","optional":true,"computed":true},"extip":{"type":"string","description_kind":"plain","optional":true,"computed":true},"extport":{"type":"string","description_kind":"plain","optional":true,"computed":true},"id":{"type":"number","description_kind":"plain","optional":true,"computed":true},"ldb_method":{"type":"string","description_kind":"plain","optional":true,"computed":true},"mappedip":{"type":"string","description_kind":"plain","optional":true,"computed":true},"mappedport":{"type":"string","description_kind":"plain","optional":true,"computed":true},"monitor":{"type":"string","description_kind":"plain","optional":true,"computed":true},"portforward":{"type":"string","description_kind":"plain","optional":true,"computed":true},"protocol":{"type":"string","description_kind":"plain","optional":true,"computed":true},"server_type":{"type":"string","description_kind":"plain","optional":true,"computed":true},"src_filter":{"type":["set","string"],"description_kind":"plain","optional":true,"computed":true},"type":{"type":"string","description_kind":"plain","optional":true,"computed":true},"uuid":{"type":"string","description_kind":"plain","optional":true,"computed":true}},"block_types":{"_scope":{"nesting_mode":"list","block":{"attributes":{"name":{"type":"string","description_kind":"plain","optional":true,"computed":true},"vdom":{"type":"string","description_kind":"plain","optional":true,"computed":true}},"description_kind":"plain"}}},"description_kind":"plain"}},"realservers":{"nesting_mode":"list","block":{"attributes":{"client_ip":{"type":"string","description_kind":"plain","optional":true,"computed":true},"healthcheck":{"type":"string","description_kind":"plain","optional":true,"computed":true},"holddown_interval":{"type":"number","description_kind":"plain","optional":true,"computed":true},"id":{"type":"number","description_kind":"plain","optional":true,"computed":true},"ip":{"type":"string","description_kind":"plain","optional":true,"computed":true},"max_connections":{"type":"number","description_kind":"plain","optional":true,"computed":true},"monitor":{"type":"string","description_kind":"plain","optional":true,"computed":true},"port":{"type":"number","description_kind":"plain","optional":true,"computed":true},"status":{"type":"string","description_kind":"plain","optional":true,"computed":true},"weight":{"type":"number","description_kind":"plain","optional":true,"computed":true}},"description_kind":"plain"}}},"description_kind":"plain"}},"fortimanager_object_firewall_vipgrp":{"version":0,"block":{"attributes":{"adom":{"type":"string","description_kind":"plain","optional":true},"color":{"type":"number","description_kind":"plain","optional":true,"computed":true},"comments":{"type":"string","description_kind":"plain","optional":true,"computed":true},"dynamic_sort_subtable":{"type":"string","description_kind":"plain","optional":true},"id":{"type":"string","description_kind":"plain","optional":true,"computed":true},"interface":{"type":"string","description_kind":"plain","optional":true,"computed":true},"member":{"type":["list","string"],"description_kind":"plain","optional":true,"computed":true},"name":{"type":"string","description_kind":"plain","optional":true,"computed":true},"scopetype":{"type":"string","description_kind":"plain","optional":true},"uuid":{"type":"string","description_kind":"plain","optional":true,"computed":true}},"block_types":{"dynamic_mapping":{"nesting_mode":"list","block":{"attributes":{"color":{"type":"number","description_kind":"plain","optional":true,"computed":true},"comments":{"type":"string","description_kind":"plain","optional":true,"computed":true},"interface":{"type":"string","description_kind":"plain","optional":true,"computed":true},"member":{"type":"string","description_kind":"plain","optional":true,"computed":true},"uuid":{"type":"string","description_kind":"plain","optional":true,"computed":true}},"block_types":{"_scope":{"nesting_mode":"list","block":{"attributes":{"name":{"type":"string","description_kind":"plain","optional":true,"computed":true},"vdom":{"type":"string","description_kind":"plain","optional":true,"computed":true}},"description_kind":"plain"}}},"description_kind":"plain"}}},"description_kind":"plain"}},"fortimanager_object_firewall_vipgrp46":{"version":0,"block":{"attributes":{"adom":{"type":"string","description_kind":"plain","optional":true},"color":{"type":"number","description_kind":"plain","optional":true,"computed":true},"comments":{"type":"string","description_kind":"plain","optional":true,"computed":true},"id":{"type":"string","description_kind":"plain","optional":true,"computed":true},"member":{"type":["list","string"],"description_kind":"plain","optional":true,"computed":true},"name":{"type":"string","description_kind":"plain","optional":true,"computed":true},"scopetype":{"type":"string","description_kind":"plain","optional":true},"uuid":{"type":"string","description_kind":"plain","optional":true,"computed":true}},"description_kind":"plain"}},"fortimanager_object_firewall_vipgrp6":{"version":0,"block":{"attributes":{"adom":{"type":"string","description_kind":"plain","optional":true},"color":{"type":"number","description_kind":"plain","optional":true,"computed":true},"comments":{"type":"string","description_kind":"plain","optional":true,"computed":true},"id":{"type":"string","description_kind":"plain","optional":true,"computed":true},"member":{"type":["list","string"],"description_kind":"plain","optional":true,"computed":true},"name":{"type":"string","description_kind":"plain","optional":true,"computed":true},"scopetype":{"type":"string","description_kind":"plain","optional":true},"uuid":{"type":"string","description_kind":"plain","optional":true,"computed":true}},"description_kind":"plain"}},"fortimanager_object_firewall_vipgrp64":{"version":0,"block":{"attributes":{"adom":{"type":"string","description_kind":"plain","optional":true},"color":{"type":"number","description_kind":"plain","optional":true,"computed":true},"comments":{"type":"string","description_kind":"plain","optional":true,"computed":true},"id":{"type":"string","description_kind":"plain","optional":true,"computed":true},"member":{"type":["list","string"],"description_kind":"plain","optional":true,"computed":true},"name":{"type":"string","description_kind":"plain","optional":true,"computed":true},"scopetype":{"type":"string","description_kind":"plain","optional":true},"uuid":{"type":"string","description_kind":"plain","optional":true,"computed":true}},"description_kind":"plain"}},"fortimanager_object_firewall_wildcardfqdn_custom":{"version":0,"block":{"attributes":{"adom":{"type":"string","description_kind":"plain","optional":true},"color":{"type":"number","description_kind":"plain","optional":true,"computed":true},"comment":{"type":"string","description_kind":"plain","optional":true,"computed":true},"id":{"type":"string","description_kind":"plain","optional":true,"computed":true},"name":{"type":"string","description_kind":"plain","optional":true,"computed":true},"scopetype":{"type":"string","description_kind":"plain","optional":true},"uuid":{"type":"string","description_kind":"plain","optional":true,"computed":true},"visibility":{"type":"string","description_kind":"plain","optional":true,"computed":true},"wildcard_fqdn":{"type":"string","description_kind":"plain","optional":true,"computed":true}},"description_kind":"plain"}},"fortimanager_object_firewall_wildcardfqdn_group":{"version":0,"block":{"attributes":{"adom":{"type":"string","description_kind":"plain","optional":true},"color":{"type":"number","description_kind":"plain","optional":true,"computed":true},"comment":{"type":"string","description_kind":"plain","optional":true,"computed":true},"id":{"type":"string","description_kind":"plain","optional":true,"computed":true},"member":{"type":["list","string"],"description_kind":"plain","optional":true,"computed":true},"name":{"type":"string","description_kind":"plain","optional":true,"computed":true},"scopetype":{"type":"string","description_kind":"plain","optional":true},"uuid":{"type":"string","description_kind":"plain","optional":true,"computed":true},"visibility":{"type":"string","description_kind":"plain","optional":true,"computed":true}},"description_kind":"plain"}},"fortimanager_object_fsp_vlan":{"version":0,"block":{"attributes":{"_dhcp_status":{"type":"string","description_kind":"plain","optional":true,"computed":true},"adom":{"type":"string","description_kind":"plain","optional":true},"color":{"type":"number","description_kind":"plain","optional":true,"computed":true},"dynamic_sort_subtable":{"type":"string","description_kind":"plain","optional":true},"id":{"type":"string","description_kind":"plain","optional":true,"computed":true},"name":{"type":"string","description_kind":"plain","optional":true,"computed":true},"scopetype":{"type":"string","description_kind":"plain","optional":true},"vdom":{"type":"string","description_kind":"plain","optional":true,"computed":true},"vlanid":{"type":"number","description_kind":"plain","optional":true,"computed":true}},"block_types":{"dhcp_server":{"nesting_mode":"list","block":{"attributes":{"auto_configuration":{"type":"string","description_kind":"plain","optional":true,"computed":true},"auto_managed_status":{"type":"string","description_kind":"plain","optional":true,"computed":true},"conflicted_ip_timeout":{"type":"number","description_kind":"plain","optional":true,"computed":true},"ddns_auth":{"type":"string","description_kind":"plain","optional":true,"computed":true},"ddns_key":{"type":"string","description_kind":"plain","optional":true,"computed":true},"ddns_keyname":{"type":"string","description_kind":"plain","optional":true,"computed":true},"ddns_server_ip":{"type":"string","description_kind":"plain","optional":true,"computed":true},"ddns_ttl":{"type":"number","description_kind":"plain","optional":true,"computed":true},"ddns_update":{"type":"string","description_kind":"plain","optional":true,"computed":true},"ddns_update_override":{"type":"string","description_kind":"plain","optional":true,"computed":true},"ddns_zone":{"type":"string","description_kind":"plain","optional":true,"computed":true},"default_gateway":{"type":"string","description_kind":"plain","optional":true,"computed":true},"dhcp_settings_from_fortiipam":{"type":"string","description_kind":"plain","optional":true,"computed":true},"dns_server1":{"type":"string","description_kind":"plain","optional":true,"computed":true},"dns_server2":{"type":"string","description_kind":"plain","optional":true,"computed":true},"dns_server3":{"type":"string","description_kind":"plain","optional":true,"computed":true},"dns_server4":{"type":"string","description_kind":"plain","optional":true,"computed":true},"dns_service":{"type":"string","description_kind":"plain","optional":true,"computed":true},"domain":{"type":"string","description_kind":"plain","optional":true,"computed":true},"enable":{"type":"string","description_kind":"plain","optional":true,"computed":true},"filename":{"type":"string","description_kind":"plain","optional":true,"computed":true},"forticlient_on_net_status":{"type":"string","description_kind":"plain","optional":true,"computed":true},"id":{"type":"number","description_kind":"plain","optional":true,"computed":true},"ip_mode":{"type":"string","description_kind":"plain","optional":true,"computed":true},"ipsec_lease_hold":{"type":"number","description_kind":"plain","optional":true,"computed":true},"lease_time":{"type":"number","description_kind":"plain","optional":true,"computed":true},"mac_acl_default_action":{"type":"string","description_kind":"plain","optional":true,"computed":true},"netmask":{"type":"string","description_kind":"plain","optional":true,"computed":true},"next_server":{"type":"string","description_kind":"plain","optional":true,"computed":true},"ntp_server1":{"type":"string","description_kind":"plain","optional":true,"computed":true},"ntp_server2":{"type":"string","description_kind":"plain","optional":true,"computed":true},"ntp_server3":{"type":"string","description_kind":"plain","optional":true,"computed":true},"ntp_service":{"type":"string","description_kind":"plain","optional":true,"computed":true},"option1":{"type":["set","string"],"description_kind":"plain","optional":true,"computed":true},"option2":{"type":["set","string"],"description_kind":"plain","optional":true,"computed":true},"option3":{"type":["set","string"],"description_kind":"plain","optional":true,"computed":true},"option4":{"type":"string","description_kind":"plain","optional":true,"computed":true},"option5":{"type":"string","description_kind":"plain","optional":true,"computed":true},"option6":{"type":"string","description_kind":"plain","optional":true,"computed":true},"server_type":{"type":"string","description_kind":"plain","optional":true,"computed":true},"status":{"type":"string","description_kind":"plain","optional":true,"computed":true},"tftp_server":{"type":["set","string"],"description_kind":"plain","optional":true,"computed":true},"timezone":{"type":"string","description_kind":"plain","optional":true,"computed":true},"timezone_option":{"type":"string","description_kind":"plain","optional":true,"computed":true},"vci_match":{"type":"string","description_kind":"plain","optional":true,"computed":true},"vci_string":{"type":["set","string"],"description_kind":"plain","optional":true,"computed":true},"wifi_ac1":{"type":"string","description_kind":"plain","optional":true,"computed":true},"wifi_ac2":{"type":"string","description_kind":"plain","optional":true,"computed":true},"wifi_ac3":{"type":"string","description_kind":"plain","optional":true,"computed":true},"wifi_ac_service":{"type":"string","description_kind":"plain","optional":true,"computed":true},"wins_server1":{"type":"string","description_kind":"plain","optional":true,"computed":true},"wins_server2":{"type":"string","description_kind":"plain","optional":true,"computed":true}},"block_types":{"exclude_range":{"nesting_mode":"list","block":{"attributes":{"end_ip":{"type":"string","description_kind":"plain","optional":true,"computed":true},"id":{"type":"number","description_kind":"plain","optional":true,"computed":true},"start_ip":{"type":"string","description_kind":"plain","optional":true,"computed":true}},"description_kind":"plain"}},"ip_range":{"nesting_mode":"list","block":{"attributes":{"end_ip":{"type":"string","description_kind":"plain","optional":true,"computed":true},"id":{"type":"number","description_kind":"plain","optional":true,"computed":true},"start_ip":{"type":"string","description_kind":"plain","optional":true,"computed":true}},"description_kind":"plain"}},"options":{"nesting_mode":"list","block":{"attributes":{"code":{"type":"number","description_kind":"plain","optional":true,"computed":true},"id":{"type":"number","description_kind":"plain","optional":true,"computed":true},"ip":{"type":["set","string"],"description_kind":"plain","optional":true,"computed":true},"type":{"type":"string","description_kind":"plain","optional":true,"computed":true},"value":{"type":"string","description_kind":"plain","optional":true,"computed":true}},"description_kind":"plain"}},"reserved_address":{"nesting_mode":"list","block":{"attributes":{"action":{"type":"string","description_kind":"plain","optional":true,"computed":true},"circuit_id":{"type":"string","description_kind":"plain","optional":true,"computed":true},"circuit_id_type":{"type":"string","description_kind":"plain","optional":true,"computed":true},"description":{"type":"string","description_kind":"plain","optional":true,"computed":true},"id":{"type":"number","description_kind":"plain","optional":true,"computed":true},"ip":{"type":"string","description_kind":"plain","optional":true,"computed":true},"mac":{"type":"string","description_kind":"plain","optional":true,"computed":true},"remote_id":{"type":"string","description_kind":"plain","optional":true,"computed":true},"remote_id_type":{"type":"string","description_kind":"plain","optional":true,"computed":true},"type":{"type":"string","description_kind":"plain","optional":true,"computed":true}},"description_kind":"plain"}}},"description_kind":"plain"},"max_items":1},"dynamic_mapping":{"nesting_mode":"list","block":{"attributes":{"_dhcp_status":{"type":"string","description_kind":"plain","optional":true,"computed":true}},"block_types":{"_scope":{"nesting_mode":"list","block":{"attributes":{"name":{"type":"string","description_kind":"plain","optional":true,"computed":true},"vdom":{"type":"string","description_kind":"plain","optional":true,"computed":true}},"description_kind":"plain"}},"dhcp_server":{"nesting_mode":"list","block":{"attributes":{"auto_configuration":{"type":"string","description_kind":"plain","optional":true,"computed":true},"auto_managed_status":{"type":"string","description_kind":"plain","optional":true,"computed":true},"conflicted_ip_timeout":{"type":"number","description_kind":"plain","optional":true,"computed":true},"ddns_auth":{"type":"string","description_kind":"plain","optional":true,"computed":true},"ddns_key":{"type":"string","description_kind":"plain","optional":true,"computed":true},"ddns_keyname":{"type":"string","description_kind":"plain","optional":true,"computed":true},"ddns_server_ip":{"type":"string","description_kind":"plain","optional":true,"computed":true},"ddns_ttl":{"type":"number","description_kind":"plain","optional":true,"computed":true},"ddns_update":{"type":"string","description_kind":"plain","optional":true,"computed":true},"ddns_update_override":{"type":"string","description_kind":"plain","optional":true,"computed":true},"ddns_zone":{"type":"string","description_kind":"plain","optional":true,"computed":true},"default_gateway":{"type":"string","description_kind":"plain","optional":true,"computed":true},"dhcp_settings_from_fortiipam":{"type":"string","description_kind":"plain","optional":true,"computed":true},"dns_server1":{"type":"string","description_kind":"plain","optional":true,"computed":true},"dns_server2":{"type":"string","description_kind":"plain","optional":true,"computed":true},"dns_server3":{"type":"string","description_kind":"plain","optional":true,"computed":true},"dns_server4":{"type":"string","description_kind":"plain","optional":true,"computed":true},"dns_service":{"type":"string","description_kind":"plain","optional":true,"computed":true},"domain":{"type":"string","description_kind":"plain","optional":true,"computed":true},"enable":{"type":"string","description_kind":"plain","optional":true,"computed":true},"filename":{"type":"string","description_kind":"plain","optional":true,"computed":true},"forticlient_on_net_status":{"type":"string","description_kind":"plain","optional":true,"computed":true},"id":{"type":"number","description_kind":"plain","optional":true,"computed":true},"ip_mode":{"type":"string","description_kind":"plain","optional":true,"computed":true},"ipsec_lease_hold":{"type":"number","description_kind":"plain","optional":true,"computed":true},"lease_time":{"type":"number","description_kind":"plain","optional":true,"computed":true},"mac_acl_default_action":{"type":"string","description_kind":"plain","optional":true,"computed":true},"netmask":{"type":"string","description_kind":"plain","optional":true,"computed":true},"next_server":{"type":"string","description_kind":"plain","optional":true,"computed":true},"ntp_server1":{"type":"string","description_kind":"plain","optional":true,"computed":true},"ntp_server2":{"type":"string","description_kind":"plain","optional":true,"computed":true},"ntp_server3":{"type":"string","description_kind":"plain","optional":true,"computed":true},"ntp_service":{"type":"string","description_kind":"plain","optional":true,"computed":true},"option1":{"type":["set","string"],"description_kind":"plain","optional":true,"computed":true},"option2":{"type":["set","string"],"description_kind":"plain","optional":true,"computed":true},"option3":{"type":["set","string"],"description_kind":"plain","optional":true,"computed":true},"option4":{"type":"string","description_kind":"plain","optional":true,"computed":true},"option5":{"type":"string","description_kind":"plain","optional":true,"computed":true},"option6":{"type":"string","description_kind":"plain","optional":true,"computed":true},"server_type":{"type":"string","description_kind":"plain","optional":true,"computed":true},"status":{"type":"string","description_kind":"plain","optional":true,"computed":true},"tftp_server":{"type":["set","string"],"description_kind":"plain","optional":true,"computed":true},"timezone":{"type":"string","description_kind":"plain","optional":true,"computed":true},"timezone_option":{"type":"string","description_kind":"plain","optional":true,"computed":true},"vci_match":{"type":"string","description_kind":"plain","optional":true,"computed":true},"vci_string":{"type":["set","string"],"description_kind":"plain","optional":true,"computed":true},"wifi_ac1":{"type":"string","description_kind":"plain","optional":true,"computed":true},"wifi_ac2":{"type":"string","description_kind":"plain","optional":true,"computed":true},"wifi_ac3":{"type":"string","description_kind":"plain","optional":true,"computed":true},"wifi_ac_service":{"type":"string","description_kind":"plain","optional":true,"computed":true},"wins_server1":{"type":"string","description_kind":"plain","optional":true,"computed":true},"wins_server2":{"type":"string","description_kind":"plain","optional":true,"computed":true}},"block_types":{"exclude_range":{"nesting_mode":"list","block":{"attributes":{"end_ip":{"type":"string","description_kind":"plain","optional":true,"computed":true},"id":{"type":"number","description_kind":"plain","optional":true,"computed":true},"start_ip":{"type":"string","description_kind":"plain","optional":true,"computed":true}},"description_kind":"plain"}},"ip_range":{"nesting_mode":"list","block":{"attributes":{"end_ip":{"type":"string","description_kind":"plain","optional":true,"computed":true},"id":{"type":"number","description_kind":"plain","optional":true,"computed":true},"start_ip":{"type":"string","description_kind":"plain","optional":true,"computed":true}},"description_kind":"plain"}},"options":{"nesting_mode":"list","block":{"attributes":{"code":{"type":"number","description_kind":"plain","optional":true,"computed":true},"id":{"type":"number","description_kind":"plain","optional":true,"computed":true},"ip":{"type":["set","string"],"description_kind":"plain","optional":true,"computed":true},"type":{"type":"string","description_kind":"plain","optional":true,"computed":true},"value":{"type":"string","description_kind":"plain","optional":true,"computed":true}},"description_kind":"plain"}},"reserved_address":{"nesting_mode":"list","block":{"attributes":{"action":{"type":"string","description_kind":"plain","optional":true,"computed":true},"circuit_id":{"type":"string","description_kind":"plain","optional":true,"computed":true},"circuit_id_type":{"type":"string","description_kind":"plain","optional":true,"computed":true},"description":{"type":"string","description_kind":"plain","optional":true,"computed":true},"id":{"type":"number","description_kind":"plain","optional":true,"computed":true},"ip":{"type":"string","description_kind":"plain","optional":true,"computed":true},"mac":{"type":"string","description_kind":"plain","optional":true,"computed":true},"remote_id":{"type":"string","description_kind":"plain","optional":true,"computed":true},"remote_id_type":{"type":"string","description_kind":"plain","optional":true,"computed":true},"type":{"type":"string","description_kind":"plain","optional":true,"computed":true}},"description_kind":"plain"}}},"description_kind":"plain"},"max_items":1},"interface":{"nesting_mode":"list","block":{"attributes":{"dhcp_relay_agent_option":{"type":"string","description_kind":"plain","optional":true,"computed":true},"dhcp_relay_ip":{"type":["set","string"],"description_kind":"plain","optional":true,"computed":true},"dhcp_relay_service":{"type":"string","description_kind":"plain","optional":true,"computed":true},"dhcp_relay_type":{"type":"string","description_kind":"plain","optional":true,"computed":true},"ip":{"type":"string","description_kind":"plain","optional":true,"computed":true},"secondary_ip":{"type":"string","description_kind":"plain","optional":true,"computed":true},"vlanid":{"type":"number","description_kind":"plain","optional":true,"computed":true}},"block_types":{"ipv6":{"nesting_mode":"list","block":{"attributes":{"autoconf":{"type":"string","description_kind":"plain","optional":true,"computed":true},"cli_conn6_status":{"type":"number","description_kind":"plain","optional":true,"computed":true},"dhcp6_client_options":{"type":["set","string"],"description_kind":"plain","optional":true,"computed":true},"dhcp6_information_request":{"type":"string","description_kind":"plain","optional":true,"computed":true},"dhcp6_prefix_delegation":{"type":"string","description_kind":"plain","optional":true,"computed":true},"dhcp6_prefix_hint":{"type":"string","description_kind":"plain","optional":true,"computed":true},"dhcp6_prefix_hint_plt":{"type":"number","description_kind":"plain","optional":true,"computed":true},"dhcp6_prefix_hint_vlt":{"type":"number","description_kind":"plain","optional":true,"computed":true},"dhcp6_relay_ip":{"type":"string","description_kind":"plain","optional":true,"computed":true},"dhcp6_relay_service":{"type":"string","description_kind":"plain","optional":true,"computed":true},"dhcp6_relay_type":{"type":"string","description_kind":"plain","optional":true,"computed":true},"icmp6_send_redirect":{"type":"string","description_kind":"plain","optional":true,"computed":true},"interface_identifier":{"type":"string","description_kind":"plain","optional":true,"computed":true},"ip6_address":{"type":"string","description_kind":"plain","optional":true,"computed":true},"ip6_allowaccess":{"type":["set","string"],"description_kind":"plain","optional":true,"computed":true},"ip6_default_life":{"type":"number","description_kind":"plain","optional":true,"computed":true},"ip6_dns_server_override":{"type":"string","description_kind":"plain","optional":true,"computed":true},"ip6_hop_limit":{"type":"number","description_kind":"plain","optional":true,"computed":true},"ip6_link_mtu":{"type":"number","description_kind":"plain","optional":true,"computed":true},"ip6_manage_flag":{"type":"string","description_kind":"plain","optional":true,"computed":true},"ip6_max_interval":{"type":"number","description_kind":"plain","optional":true,"computed":true},"ip6_min_interval":{"type":"number","description_kind":"plain","optional":true,"computed":true},"ip6_mode":{"type":"string","description_kind":"plain","optional":true,"computed":true},"ip6_other_flag":{"type":"string","description_kind":"plain","optional":true,"computed":true},"ip6_prefix_mode":{"type":"string","description_kind":"plain","optional":true,"computed":true},"ip6_reachable_time":{"type":"number","description_kind":"plain","optional":true,"computed":true},"ip6_retrans_time":{"type":"number","description_kind":"plain","optional":true,"computed":true},"ip6_send_adv":{"type":"string","description_kind":"plain","optional":true,"computed":true},"ip6_subnet":{"type":"string","description_kind":"plain","optional":true,"computed":true},"ip6_upstream_interface":{"type":"string","description_kind":"plain","optional":true,"computed":true},"nd_cert":{"type":"string","description_kind":"plain","optional":true,"computed":true},"nd_cga_modifier":{"type":"string","description_kind":"plain","optional":true,"computed":true},"nd_mode":{"type":"string","description_kind":"plain","optional":true,"computed":true},"nd_security_level":{"type":"number","description_kind":"plain","optional":true,"computed":true},"nd_timestamp_delta":{"type":"number","description_kind":"plain","optional":true,"computed":true},"nd_timestamp_fuzz":{"type":"number","description_kind":"plain","optional":true,"computed":true},"ra_send_mtu":{"type":"string","description_kind":"plain","optional":true,"computed":true},"unique_autoconf_addr":{"type":"string","description_kind":"plain","optional":true,"computed":true},"vrip6_link_local":{"type":"string","description_kind":"plain","optional":true,"computed":true},"vrrp_virtual_mac6":{"type":"string","description_kind":"plain","optional":true,"computed":true}},"block_types":{"ip6_delegated_prefix_list":{"nesting_mode":"list","block":{"attributes":{"autonomous_flag":{"type":"string","description_kind":"plain","optional":true,"computed":true},"onlink_flag":{"type":"string","description_kind":"plain","optional":true,"computed":true},"prefix_id":{"type":"number","description_kind":"plain","optional":true,"computed":true},"rdnss":{"type":["set","string"],"description_kind":"plain","optional":true,"computed":true},"rdnss_service":{"type":"string","description_kind":"plain","optional":true,"computed":true},"subnet":{"type":"string","description_kind":"plain","optional":true,"computed":true},"upstream_interface":{"type":"string","description_kind":"plain","optional":true,"computed":true}},"description_kind":"plain"}},"ip6_extra_addr":{"nesting_mode":"list","block":{"attributes":{"prefix":{"type":"string","description_kind":"plain","optional":true,"computed":true}},"description_kind":"plain"}},"ip6_prefix_list":{"nesting_mode":"list","block":{"attributes":{"autonomous_flag":{"type":"string","description_kind":"plain","optional":true,"computed":true},"dnssl":{"type":["set","string"],"description_kind":"plain","optional":true,"computed":true},"onlink_flag":{"type":"string","description_kind":"plain","optional":true,"computed":true},"preferred_life_time":{"type":"number","description_kind":"plain","optional":true,"computed":true},"prefix":{"type":"string","description_kind":"plain","optional":true,"computed":true},"rdnss":{"type":["set","string"],"description_kind":"plain","optional":true,"computed":true},"valid_life_time":{"type":"number","description_kind":"plain","optional":true,"computed":true}},"description_kind":"plain"}},"vrrp6":{"nesting_mode":"list","block":{"attributes":{"accept_mode":{"type":"string","description_kind":"plain","optional":true,"computed":true},"adv_interval":{"type":"number","description_kind":"plain","optional":true,"computed":true},"preempt":{"type":"string","description_kind":"plain","optional":true,"computed":true},"priority":{"type":"number","description_kind":"plain","optional":true,"computed":true},"start_time":{"type":"number","description_kind":"plain","optional":true,"computed":true},"status":{"type":"string","description_kind":"plain","optional":true,"computed":true},"vrdst6":{"type":"string","description_kind":"plain","optional":true,"computed":true},"vrgrp":{"type":"number","description_kind":"plain","optional":true,"computed":true},"vrid":{"type":"number","description_kind":"plain","optional":true,"computed":true},"vrip6":{"type":"string","description_kind":"plain","optional":true,"computed":true}},"description_kind":"plain"}}},"description_kind":"plain"},"max_items":1},"secondaryip":{"nesting_mode":"list","block":{"attributes":{"allowaccess":{"type":["set","string"],"description_kind":"plain","optional":true,"computed":true},"detectprotocol":{"type":["set","string"],"description_kind":"plain","optional":true,"computed":true},"detectserver":{"type":"string","description_kind":"plain","optional":true,"computed":true},"gwdetect":{"type":"string","description_kind":"plain","optional":true,"computed":true},"ha_priority":{"type":"number","description_kind":"plain","optional":true,"computed":true},"id":{"type":"number","description_kind":"plain","optional":true,"computed":true},"ip":{"type":"string","description_kind":"plain","optional":true,"computed":true},"ping_serv_status":{"type":"number","description_kind":"plain","optional":true,"computed":true},"seq":{"type":"number","description_kind":"plain","optional":true,"computed":true}},"description_kind":"plain"}}},"description_kind":"plain"},"max_items":1}},"description_kind":"plain"}},"interface":{"nesting_mode":"list","block":{"attributes":{"ac_name":{"type":"string","description_kind":"plain","optional":true,"computed":true},"aggregate":{"type":"string","description_kind":"plain","optional":true,"computed":true},"algorithm":{"type":"string","description_kind":"plain","optional":true,"computed":true},"alias":{"type":"string","description_kind":"plain","optional":true,"computed":true},"allowaccess":{"type":["set","string"],"description_kind":"plain","optional":true,"computed":true},"ap_discover":{"type":"string","description_kind":"plain","optional":true,"computed":true},"arpforward":{"type":"string","description_kind":"plain","optional":true,"computed":true},"atm_protocol":{"type":"string","description_kind":"plain","optional":true,"computed":true},"auth_type":{"type":"string","description_kind":"plain","optional":true,"computed":true},"auto_auth_extension_device":{"type":"string","description_kind":"plain","optional":true,"computed":true},"bandwidth_measure_time":{"type":"number","description_kind":"plain","optional":true,"computed":true},"bfd":{"type":"string","description_kind":"plain","optional":true,"computed":true},"bfd_desired_min_tx":{"type":"number","description_kind":"plain","optional":true,"computed":true},"bfd_detect_mult":{"type":"number","description_kind":"plain","optional":true,"computed":true},"bfd_required_min_rx":{"type":"number","description_kind":"plain","optional":true,"computed":true},"broadcast_forticlient_discovery":{"type":"string","description_kind":"plain","optional":true,"computed":true},"broadcast_forward":{"type":"string","description_kind":"plain","optional":true,"computed":true},"captive_portal":{"type":"number","description_kind":"plain","optional":true,"computed":true},"cli_conn_status":{"type":"number","description_kind":"plain","optional":true,"computed":true},"color":{"type":"number","description_kind":"plain","optional":true,"computed":true},"ddns":{"type":"string","description_kind":"plain","optional":true,"computed":true},"ddns_auth":{"type":"string","description_kind":"plain","optional":true,"computed":true},"ddns_domain":{"type":"string","description_kind":"plain","optional":true,"computed":true},"ddns_key":{"type":"string","description_kind":"plain","optional":true,"computed":true},"ddns_keyname":{"type":"string","description_kind":"plain","optional":true,"computed":true},"ddns_password":{"type":["set","string"],"description_kind":"plain","optional":true,"computed":true},"ddns_server":{"type":"string","description_kind":"plain","optional":true,"computed":true},"ddns_server_ip":{"type":"string","description_kind":"plain","optional":true,"computed":true},"ddns_sn":{"type":"string","description_kind":"plain","optional":true,"computed":true},"ddns_ttl":{"type":"number","description_kind":"plain","optional":true,"computed":true},"ddns_username":{"type":"string","description_kind":"plain","optional":true,"computed":true},"ddns_zone":{"type":"string","description_kind":"plain","optional":true,"computed":true},"dedicated_to":{"type":"string","description_kind":"plain","optional":true,"computed":true},"defaultgw":{"type":"string","description_kind":"plain","optional":true,"computed":true},"description":{"type":"string","description_kind":"plain","optional":true,"computed":true},"detected_peer_mtu":{"type":"number","description_kind":"plain","optional":true,"computed":true},"detectprotocol":{"type":["set","string"],"description_kind":"plain","optional":true,"computed":true},"detectserver":{"type":"string","description_kind":"plain","optional":true,"computed":true},"device_access_list":{"type":"string","description_kind":"plain","optional":true,"computed":true},"device_identification":{"type":"string","description_kind":"plain","optional":true,"computed":true},"device_identification_active_scan":{"type":"string","description_kind":"plain","optional":true,"computed":true},"device_netscan":{"type":"string","description_kind":"plain","optional":true,"computed":true},"device_user_identification":{"type":"string","description_kind":"plain","optional":true,"computed":true},"devindex":{"type":"number","description_kind":"plain","optional":true,"computed":true},"dhcp_client_identifier":{"type":"string","description_kind":"plain","optional":true,"computed":true},"dhcp_relay_agent_option":{"type":"string","description_kind":"plain","optional":true,"computed":true},"dhcp_relay_interface":{"type":"string","description_kind":"plain","optional":true,"computed":true},"dhcp_relay_interface_select_method":{"type":"string","description_kind":"plain","optional":true,"computed":true},"dhcp_relay_ip":{"type":["set","string"],"description_kind":"plain","optional":true,"computed":true},"dhcp_relay_request_all_server":{"type":"string","description_kind":"plain","optional":true,"computed":true},"dhcp_relay_service":{"type":"string","description_kind":"plain","optional":true,"computed":true},"dhcp_relay_type":{"type":"string","description_kind":"plain","optional":true,"computed":true},"dhcp_renew_time":{"type":"number","description_kind":"plain","optional":true,"computed":true},"disc_retry_timeout":{"type":"number","description_kind":"plain","optional":true,"computed":true},"disconnect_threshold":{"type":"number","description_kind":"plain","optional":true,"computed":true},"distance":{"type":"number","description_kind":"plain","optional":true,"computed":true},"dns_query":{"type":"string","description_kind":"plain","optional":true,"computed":true},"dns_server_override":{"type":"string","description_kind":"plain","optional":true,"computed":true},"drop_fragment":{"type":"string","description_kind":"plain","optional":true,"computed":true},"drop_overlapped_fragment":{"type":"string","description_kind":"plain","optional":true,"computed":true},"egress_cos":{"type":"string","description_kind":"plain","optional":true,"computed":true},"egress_shaping_profile":{"type":"string","description_kind":"plain","optional":true,"computed":true},"eip":{"type":"string","description_kind":"plain","optional":true,"computed":true},"endpoint_compliance":{"type":"string","description_kind":"plain","optional":true,"computed":true},"estimated_downstream_bandwidth":{"type":"number","description_kind":"plain","optional":true,"computed":true},"estimated_upstream_bandwidth":{"type":"number","description_kind":"plain","optional":true,"computed":true},"explicit_ftp_proxy":{"type":"string","description_kind":"plain","optional":true,"computed":true},"explicit_web_proxy":{"type":"string","description_kind":"plain","optional":true,"computed":true},"external":{"type":"string","description_kind":"plain","optional":true,"computed":true},"fail_action_on_extender":{"type":"string","description_kind":"plain","optional":true,"computed":true},"fail_alert_interfaces":{"type":"string","description_kind":"plain","optional":true,"computed":true},"fail_alert_method":{"type":"string","description_kind":"plain","optional":true,"computed":true},"fail_detect":{"type":"string","description_kind":"plain","optional":true,"computed":true},"fail_detect_option":{"type":["set","string"],"description_kind":"plain","optional":true,"computed":true},"fdp":{"type":"string","description_kind":"plain","optional":true,"computed":true},"fortiheartbeat":{"type":"string","description_kind":"plain","optional":true,"computed":true},"fortilink":{"type":"string","description_kind":"plain","optional":true,"computed":true},"fortilink_backup_link":{"type":"number","description_kind":"plain","optional":true,"computed":true},"fortilink_neighbor_detect":{"type":"string","description_kind":"plain","optional":true,"computed":true},"fortilink_split_interface":{"type":"string","description_kind":"plain","optional":true,"computed":true},"fortilink_stacking":{"type":"string","description_kind":"plain","optional":true,"computed":true},"forward_domain":{"type":"number","description_kind":"plain","optional":true,"computed":true},"forward_error_correction":{"type":"string","description_kind":"plain","optional":true,"computed":true},"fp_anomaly":{"type":["set","string"],"description_kind":"plain","optional":true,"computed":true},"fp_disable":{"type":["set","string"],"description_kind":"plain","optional":true,"computed":true},"gateway_address":{"type":"string","description_kind":"plain","optional":true,"computed":true},"gi_gk":{"type":"string","description_kind":"plain","optional":true,"computed":true},"gwaddr":{"type":"string","description_kind":"plain","optional":true,"computed":true},"gwdetect":{"type":"string","description_kind":"plain","optional":true,"computed":true},"ha_priority":{"type":"number","description_kind":"plain","optional":true,"computed":true},"icmp_accept_redirect":{"type":"string","description_kind":"plain","optional":true,"computed":true},"icmp_redirect":{"type":"string","description_kind":"plain","optional":true,"computed":true},"icmp_send_redirect":{"type":"string","description_kind":"plain","optional":true,"computed":true},"ident_accept":{"type":"string","description_kind":"plain","optional":true,"computed":true},"idle_timeout":{"type":"number","description_kind":"plain","optional":true,"computed":true},"if_mdix":{"type":"string","description_kind":"plain","optional":true,"computed":true},"if_media":{"type":"string","description_kind":"plain","optional":true,"computed":true},"in_force_vlan_cos":{"type":"number","description_kind":"plain","optional":true,"computed":true},"inbandwidth":{"type":"number","description_kind":"plain","optional":true,"computed":true},"ingress_cos":{"type":"string","description_kind":"plain","optional":true,"computed":true},"ingress_shaping_profile":{"type":"string","description_kind":"plain","optional":true,"computed":true},"ingress_spillover_threshold":{"type":"number","description_kind":"plain","optional":true,"computed":true},"internal":{"type":"number","description_kind":"plain","optional":true,"computed":true},"ip":{"type":"string","description_kind":"plain","optional":true,"computed":true},"ip_managed_by_fortiipam":{"type":"string","description_kind":"plain","optional":true,"computed":true},"ipmac":{"type":"string","description_kind":"plain","optional":true,"computed":true},"ips_sniffer_mode":{"type":"string","description_kind":"plain","optional":true,"computed":true},"ipunnumbered":{"type":"string","description_kind":"plain","optional":true,"computed":true},"l2forward":{"type":"string","description_kind":"plain","optional":true,"computed":true},"l2tp_client":{"type":"string","description_kind":"plain","optional":true,"computed":true},"lacp_ha_slave":{"type":"string","description_kind":"plain","optional":true,"computed":true},"lacp_mode":{"type":"string","description_kind":"plain","optional":true,"computed":true},"lacp_speed":{"type":"string","description_kind":"plain","optional":true,"computed":true},"lcp_echo_interval":{"type":"number","description_kind":"plain","optional":true,"computed":true},"lcp_max_echo_fails":{"type":"number","description_kind":"plain","optional":true,"computed":true},"link_up_delay":{"type":"number","description_kind":"plain","optional":true,"computed":true},"listen_forticlient_connection":{"type":"string","description_kind":"plain","optional":true,"computed":true},"lldp_network_policy":{"type":"string","description_kind":"plain","optional":true,"computed":true},"lldp_reception":{"type":"string","description_kind":"plain","optional":true,"computed":true},"lldp_transmission":{"type":"string","description_kind":"plain","optional":true,"computed":true},"log":{"type":"string","description_kind":"plain","optional":true,"computed":true},"macaddr":{"type":"string","description_kind":"plain","optional":true,"computed":true},"managed_subnetwork_size":{"type":"string","description_kind":"plain","optional":true,"computed":true},"management_ip":{"type":"string","description_kind":"plain","optional":true,"computed":true},"max_egress_burst_rate":{"type":"number","description_kind":"plain","optional":true,"computed":true},"max_egress_rate":{"type":"number","description_kind":"plain","optional":true,"computed":true},"measured_downstream_bandwidth":{"type":"number","description_kind":"plain","optional":true,"computed":true},"measured_upstream_bandwidth":{"type":"number","description_kind":"plain","optional":true,"computed":true},"mediatype":{"type":"string","description_kind":"plain","optional":true,"computed":true},"member":{"type":"string","description_kind":"plain","optional":true,"computed":true},"min_links":{"type":"number","description_kind":"plain","optional":true,"computed":true},"min_links_down":{"type":"string","description_kind":"plain","optional":true,"computed":true},"mode":{"type":"string","description_kind":"plain","optional":true,"computed":true},"monitor_bandwidth":{"type":"string","description_kind":"plain","optional":true,"computed":true},"mtu":{"type":"number","description_kind":"plain","optional":true,"computed":true},"mtu_override":{"type":"string","description_kind":"plain","optional":true,"computed":true},"mux_type":{"type":"string","description_kind":"plain","optional":true,"computed":true},"name":{"type":"string","description_kind":"plain","optional":true,"computed":true},"ndiscforward":{"type":"string","description_kind":"plain","optional":true,"computed":true},"netbios_forward":{"type":"string","description_kind":"plain","optional":true,"computed":true},"netflow_sampler":{"type":"string","description_kind":"plain","optional":true,"computed":true},"np_qos_profile":{"type":"number","description_kind":"plain","optional":true,"computed":true},"npu_fastpath":{"type":"string","description_kind":"plain","optional":true,"computed":true},"nst":{"type":"string","description_kind":"plain","optional":true,"computed":true},"out_force_vlan_cos":{"type":"number","description_kind":"plain","optional":true,"computed":true},"outbandwidth":{"type":"number","description_kind":"plain","optional":true,"computed":true},"padt_retry_timeout":{"type":"number","description_kind":"plain","optional":true,"computed":true},"password":{"type":["set","string"],"description_kind":"plain","optional":true,"computed":true},"peer_interface":{"type":"string","description_kind":"plain","optional":true,"computed":true},"phy_mode":{"type":"string","description_kind":"plain","optional":true,"computed":true},"ping_serv_status":{"type":"number","description_kind":"plain","optional":true,"computed":true},"poe":{"type":"string","description_kind":"plain","optional":true,"computed":true},"polling_interval":{"type":"number","description_kind":"plain","optional":true,"computed":true},"pppoe_unnumbered_negotiate":{"type":"string","description_kind":"plain","optional":true,"computed":true},"pptp_auth_type":{"type":"string","description_kind":"plain","optional":true,"computed":true},"pptp_client":{"type":"string","description_kind":"plain","optional":true,"computed":true},"pptp_password":{"type":["set","string"],"description_kind":"plain","optional":true,"computed":true},"pptp_server_ip":{"type":"string","description_kind":"plain","optional":true,"computed":true},"pptp_timeout":{"type":"number","description_kind":"plain","optional":true,"computed":true},"pptp_user":{"type":"string","description_kind":"plain","optional":true,"computed":true},"preserve_session_route":{"type":"string","description_kind":"plain","optional":true,"computed":true},"priority":{"type":"number","description_kind":"plain","optional":true,"computed":true},"priority_override":{"type":"string","description_kind":"plain","optional":true,"computed":true},"proxy_captive_portal":{"type":"string","description_kind":"plain","optional":true,"computed":true},"redundant_interface":{"type":"string","description_kind":"plain","optional":true,"computed":true},"remote_ip":{"type":"string","description_kind":"plain","optional":true,"computed":true},"replacemsg_override_group":{"type":"string","description_kind":"plain","optional":true,"computed":true},"retransmission":{"type":"string","description_kind":"plain","optional":true,"computed":true},"ring_rx":{"type":"number","description_kind":"plain","optional":true,"computed":true},"ring_tx":{"type":"number","description_kind":"plain","optional":true,"computed":true},"role":{"type":"string","description_kind":"plain","optional":true,"computed":true},"sample_direction":{"type":"string","description_kind":"plain","optional":true,"computed":true},"sample_rate":{"type":"number","description_kind":"plain","optional":true,"computed":true},"scan_botnet_connections":{"type":"string","description_kind":"plain","optional":true,"computed":true},"secondary_ip":{"type":"string","description_kind":"plain","optional":true,"computed":true},"security_8021x_dynamic_vlan_id":{"type":"number","description_kind":"plain","optional":true,"computed":true},"security_8021x_master":{"type":"string","description_kind":"plain","optional":true,"computed":true},"security_8021x_mode":{"type":"string","description_kind":"plain","optional":true,"computed":true},"security_exempt_list":{"type":"string","description_kind":"plain","optional":true,"computed":true},"security_external_logout":{"type":"string","description_kind":"plain","optional":true,"computed":true},"security_external_web":{"type":"string","description_kind":"plain","optional":true,"computed":true},"security_groups":{"type":"string","description_kind":"plain","optional":true,"computed":true},"security_mac_auth_bypass":{"type":"string","description_kind":"plain","optional":true,"computed":true},"security_mode":{"type":"string","description_kind":"plain","optional":true,"computed":true},"security_redirect_url":{"type":"string","description_kind":"plain","optional":true,"computed":true},"service_name":{"type":"string","description_kind":"plain","optional":true,"computed":true},"sflow_sampler":{"type":"string","description_kind":"plain","optional":true,"computed":true},"speed":{"type":"string","description_kind":"plain","optional":true,"computed":true},"spillover_threshold":{"type":"number","description_kind":"plain","optional":true,"computed":true},"src_check":{"type":"string","description_kind":"plain","optional":true,"computed":true},"status":{"type":"string","description_kind":"plain","optional":true,"computed":true},"stp":{"type":"string","description_kind":"plain","optional":true,"computed":true},"stp_ha_secondary":{"type":"string","description_kind":"plain","optional":true,"computed":true},"stp_ha_slave":{"type":"string","description_kind":"plain","optional":true,"computed":true},"stpforward":{"type":"string","description_kind":"plain","optional":true,"computed":true},"stpforward_mode":{"type":"string","description_kind":"plain","optional":true,"computed":true},"strip_priority_vlan_tag":{"type":"string","description_kind":"plain","optional":true,"computed":true},"subst":{"type":"string","description_kind":"plain","optional":true,"computed":true},"substitute_dst_mac":{"type":"string","description_kind":"plain","optional":true,"computed":true},"swc_first_create":{"type":"number","description_kind":"plain","optional":true,"computed":true},"swc_vlan":{"type":"number","description_kind":"plain","optional":true,"computed":true},"switch":{"type":"string","description_kind":"plain","optional":true,"computed":true},"switch_controller_access_vlan":{"type":"string","description_kind":"plain","optional":true,"computed":true},"switch_controller_arp_inspection":{"type":"string","description_kind":"plain","optional":true,"computed":true},"switch_controller_auth":{"type":"string","description_kind":"plain","optional":true,"computed":true},"switch_controller_dhcp_snooping":{"type":"string","description_kind":"plain","optional":true,"computed":true},"switch_controller_dhcp_snooping_option82":{"type":"string","description_kind":"plain","optional":true,"computed":true},"switch_controller_dhcp_snooping_verify_mac":{"type":"string","description_kind":"plain","optional":true,"computed":true},"switch_controller_dynamic":{"type":"string","description_kind":"plain","optional":true,"computed":true},"switch_controller_feature":{"type":"string","description_kind":"plain","optional":true,"computed":true},"switch_controller_igmp_snooping":{"type":"string","description_kind":"plain","optional":true,"computed":true},"switch_controller_igmp_snooping_fast_leave":{"type":"string","description_kind":"plain","optional":true,"computed":true},"switch_controller_igmp_snooping_proxy":{"type":"string","description_kind":"plain","optional":true,"computed":true},"switch_controller_iot_scanning":{"type":"string","description_kind":"plain","optional":true,"computed":true},"switch_controller_learning_limit":{"type":"number","description_kind":"plain","optional":true,"computed":true},"switch_controller_mgmt_vlan":{"type":"number","description_kind":"plain","optional":true,"computed":true},"switch_controller_nac":{"type":"string","description_kind":"plain","optional":true,"computed":true},"switch_controller_radius_server":{"type":"string","description_kind":"plain","optional":true,"computed":true},"switch_controller_rspan_mode":{"type":"string","description_kind":"plain","optional":true,"computed":true},"switch_controller_source_ip":{"type":"string","description_kind":"plain","optional":true,"computed":true},"switch_controller_traffic_policy":{"type":"string","description_kind":"plain","optional":true,"computed":true},"tc_mode":{"type":"string","description_kind":"plain","optional":true,"computed":true},"tcp_mss":{"type":"number","description_kind":"plain","optional":true,"computed":true},"trunk":{"type":"string","description_kind":"plain","optional":true,"computed":true},"trust_ip6_1":{"type":"string","description_kind":"plain","optional":true,"computed":true},"trust_ip6_2":{"type":"string","description_kind":"plain","optional":true,"computed":true},"trust_ip6_3":{"type":"string","description_kind":"plain","optional":true,"computed":true},"trust_ip_1":{"type":"string","description_kind":"plain","optional":true,"computed":true},"trust_ip_2":{"type":"string","description_kind":"plain","optional":true,"computed":true},"trust_ip_3":{"type":"string","description_kind":"plain","optional":true,"computed":true},"type":{"type":"string","description_kind":"plain","optional":true,"computed":true},"username":{"type":"string","description_kind":"plain","optional":true,"computed":true},"vci":{"type":"number","description_kind":"plain","optional":true,"computed":true},"vectoring":{"type":"string","description_kind":"plain","optional":true,"computed":true},"vindex":{"type":"number","description_kind":"plain","optional":true,"computed":true},"vlan_protocol":{"type":"string","description_kind":"plain","optional":true,"computed":true},"vlanforward":{"type":"string","description_kind":"plain","optional":true,"computed":true},"vlanid":{"type":"number","description_kind":"plain","optional":true,"computed":true},"vpi":{"type":"number","description_kind":"plain","optional":true,"computed":true},"vrf":{"type":"number","description_kind":"plain","optional":true,"computed":true},"vrrp_virtual_mac":{"type":"string","description_kind":"plain","optional":true,"computed":true},"wccp":{"type":"string","description_kind":"plain","optional":true,"computed":true},"weight":{"type":"number","description_kind":"plain","optional":true,"computed":true},"wifi_5g_threshold":{"type":"string","description_kind":"plain","optional":true,"computed":true},"wifi_acl":{"type":"string","description_kind":"plain","optional":true,"computed":true},"wifi_ap_band":{"type":"string","description_kind":"plain","optional":true,"computed":true},"wifi_auth":{"type":"string","description_kind":"plain","optional":true,"computed":true},"wifi_auto_connect":{"type":"string","description_kind":"plain","optional":true,"computed":true},"wifi_auto_save":{"type":"string","description_kind":"plain","optional":true,"computed":true},"wifi_broadcast_ssid":{"type":"string","description_kind":"plain","optional":true,"computed":true},"wifi_encrypt":{"type":"string","description_kind":"plain","optional":true,"computed":true},"wifi_fragment_threshold":{"type":"number","description_kind":"plain","optional":true,"computed":true},"wifi_key":{"type":["set","string"],"description_kind":"plain","optional":true,"computed":true},"wifi_keyindex":{"type":"number","description_kind":"plain","optional":true,"computed":true},"wifi_mac_filter":{"type":"string","description_kind":"plain","optional":true,"computed":true},"wifi_passphrase":{"type":["set","string"],"description_kind":"plain","optional":true,"computed":true},"wifi_radius_server":{"type":"string","description_kind":"plain","optional":true,"computed":true},"wifi_rts_threshold":{"type":"number","description_kind":"plain","optional":true,"computed":true},"wifi_security":{"type":"string","description_kind":"plain","optional":true,"computed":true},"wifi_ssid":{"type":"string","description_kind":"plain","optional":true,"computed":true},"wifi_usergroup":{"type":"string","description_kind":"plain","optional":true,"computed":true},"wins_ip":{"type":"string","description_kind":"plain","optional":true,"computed":true}},"block_types":{"ipv6":{"nesting_mode":"list","block":{"attributes":{"autoconf":{"type":"string","description_kind":"plain","optional":true,"computed":true},"cli_conn6_status":{"type":"number","description_kind":"plain","optional":true,"computed":true},"dhcp6_client_options":{"type":["set","string"],"description_kind":"plain","optional":true,"computed":true},"dhcp6_information_request":{"type":"string","description_kind":"plain","optional":true,"computed":true},"dhcp6_prefix_delegation":{"type":"string","description_kind":"plain","optional":true,"computed":true},"dhcp6_prefix_hint":{"type":"string","description_kind":"plain","optional":true,"computed":true},"dhcp6_prefix_hint_plt":{"type":"number","description_kind":"plain","optional":true,"computed":true},"dhcp6_prefix_hint_vlt":{"type":"number","description_kind":"plain","optional":true,"computed":true},"dhcp6_relay_ip":{"type":"string","description_kind":"plain","optional":true,"computed":true},"dhcp6_relay_service":{"type":"string","description_kind":"plain","optional":true,"computed":true},"dhcp6_relay_type":{"type":"string","description_kind":"plain","optional":true,"computed":true},"icmp6_send_redirect":{"type":"string","description_kind":"plain","optional":true,"computed":true},"interface_identifier":{"type":"string","description_kind":"plain","optional":true,"computed":true},"ip6_address":{"type":"string","description_kind":"plain","optional":true,"computed":true},"ip6_allowaccess":{"type":["set","string"],"description_kind":"plain","optional":true,"computed":true},"ip6_default_life":{"type":"number","description_kind":"plain","optional":true,"computed":true},"ip6_dns_server_override":{"type":"string","description_kind":"plain","optional":true,"computed":true},"ip6_hop_limit":{"type":"number","description_kind":"plain","optional":true,"computed":true},"ip6_link_mtu":{"type":"number","description_kind":"plain","optional":true,"computed":true},"ip6_manage_flag":{"type":"string","description_kind":"plain","optional":true,"computed":true},"ip6_max_interval":{"type":"number","description_kind":"plain","optional":true,"computed":true},"ip6_min_interval":{"type":"number","description_kind":"plain","optional":true,"computed":true},"ip6_mode":{"type":"string","description_kind":"plain","optional":true,"computed":true},"ip6_other_flag":{"type":"string","description_kind":"plain","optional":true,"computed":true},"ip6_prefix_mode":{"type":"string","description_kind":"plain","optional":true,"computed":true},"ip6_reachable_time":{"type":"number","description_kind":"plain","optional":true,"computed":true},"ip6_retrans_time":{"type":"number","description_kind":"plain","optional":true,"computed":true},"ip6_send_adv":{"type":"string","description_kind":"plain","optional":true,"computed":true},"ip6_subnet":{"type":"string","description_kind":"plain","optional":true,"computed":true},"ip6_upstream_interface":{"type":"string","description_kind":"plain","optional":true,"computed":true},"nd_cert":{"type":"string","description_kind":"plain","optional":true,"computed":true},"nd_cga_modifier":{"type":"string","description_kind":"plain","optional":true,"computed":true},"nd_mode":{"type":"string","description_kind":"plain","optional":true,"computed":true},"nd_security_level":{"type":"number","description_kind":"plain","optional":true,"computed":true},"nd_timestamp_delta":{"type":"number","description_kind":"plain","optional":true,"computed":true},"nd_timestamp_fuzz":{"type":"number","description_kind":"plain","optional":true,"computed":true},"ra_send_mtu":{"type":"string","description_kind":"plain","optional":true,"computed":true},"unique_autoconf_addr":{"type":"string","description_kind":"plain","optional":true,"computed":true},"vrip6_link_local":{"type":"string","description_kind":"plain","optional":true,"computed":true},"vrrp_virtual_mac6":{"type":"string","description_kind":"plain","optional":true,"computed":true}},"block_types":{"ip6_delegated_prefix_list":{"nesting_mode":"list","block":{"attributes":{"autonomous_flag":{"type":"string","description_kind":"plain","optional":true,"computed":true},"onlink_flag":{"type":"string","description_kind":"plain","optional":true,"computed":true},"prefix_id":{"type":"number","description_kind":"plain","optional":true,"computed":true},"rdnss":{"type":["set","string"],"description_kind":"plain","optional":true,"computed":true},"rdnss_service":{"type":"string","description_kind":"plain","optional":true,"computed":true},"subnet":{"type":"string","description_kind":"plain","optional":true,"computed":true},"upstream_interface":{"type":"string","description_kind":"plain","optional":true,"computed":true}},"description_kind":"plain"}},"ip6_extra_addr":{"nesting_mode":"list","block":{"attributes":{"prefix":{"type":"string","description_kind":"plain","optional":true,"computed":true}},"description_kind":"plain"}},"ip6_prefix_list":{"nesting_mode":"list","block":{"attributes":{"autonomous_flag":{"type":"string","description_kind":"plain","optional":true,"computed":true},"dnssl":{"type":["set","string"],"description_kind":"plain","optional":true,"computed":true},"onlink_flag":{"type":"string","description_kind":"plain","optional":true,"computed":true},"preferred_life_time":{"type":"number","description_kind":"plain","optional":true,"computed":true},"prefix":{"type":"string","description_kind":"plain","optional":true,"computed":true},"rdnss":{"type":["set","string"],"description_kind":"plain","optional":true,"computed":true},"valid_life_time":{"type":"number","description_kind":"plain","optional":true,"computed":true}},"description_kind":"plain"}},"vrrp6":{"nesting_mode":"list","block":{"attributes":{"accept_mode":{"type":"string","description_kind":"plain","optional":true,"computed":true},"adv_interval":{"type":"number","description_kind":"plain","optional":true,"computed":true},"preempt":{"type":"string","description_kind":"plain","optional":true,"computed":true},"priority":{"type":"number","description_kind":"plain","optional":true,"computed":true},"start_time":{"type":"number","description_kind":"plain","optional":true,"computed":true},"status":{"type":"string","description_kind":"plain","optional":true,"computed":true},"vrdst6":{"type":"string","description_kind":"plain","optional":true,"computed":true},"vrgrp":{"type":"number","description_kind":"plain","optional":true,"computed":true},"vrid":{"type":"number","description_kind":"plain","optional":true,"computed":true},"vrip6":{"type":"string","description_kind":"plain","optional":true,"computed":true}},"description_kind":"plain"}}},"description_kind":"plain"},"max_items":1},"secondaryip":{"nesting_mode":"list","block":{"attributes":{"allowaccess":{"type":["set","string"],"description_kind":"plain","optional":true,"computed":true},"detectprotocol":{"type":["set","string"],"description_kind":"plain","optional":true,"computed":true},"detectserver":{"type":"string","description_kind":"plain","optional":true,"computed":true},"gwdetect":{"type":"string","description_kind":"plain","optional":true,"computed":true},"ha_priority":{"type":"number","description_kind":"plain","optional":true,"computed":true},"id":{"type":"number","description_kind":"plain","optional":true,"computed":true},"ip":{"type":"string","description_kind":"plain","optional":true,"computed":true},"ping_serv_status":{"type":"number","description_kind":"plain","optional":true,"computed":true},"seq":{"type":"number","description_kind":"plain","optional":true,"computed":true}},"description_kind":"plain"}},"vrrp":{"nesting_mode":"list","block":{"attributes":{"accept_mode":{"type":"string","description_kind":"plain","optional":true,"computed":true},"adv_interval":{"type":"number","description_kind":"plain","optional":true,"computed":true},"ignore_default_route":{"type":"string","description_kind":"plain","optional":true,"computed":true},"preempt":{"type":"string","description_kind":"plain","optional":true,"computed":true},"priority":{"type":"number","description_kind":"plain","optional":true,"computed":true},"start_time":{"type":"number","description_kind":"plain","optional":true,"computed":true},"status":{"type":"string","description_kind":"plain","optional":true,"computed":true},"version":{"type":"string","description_kind":"plain","optional":true,"computed":true},"vrdst":{"type":["set","string"],"description_kind":"plain","optional":true,"computed":true},"vrdst_priority":{"type":"number","description_kind":"plain","optional":true,"computed":true},"vrgrp":{"type":"number","description_kind":"plain","optional":true,"computed":true},"vrid":{"type":"number","description_kind":"plain","optional":true,"computed":true},"vrip":{"type":"string","description_kind":"plain","optional":true,"computed":true}},"description_kind":"plain"}}},"description_kind":"plain"},"max_items":1}},"description_kind":"plain"}},"fortimanager_object_icap_profile":{"version":0,"block":{"attributes":{"adom":{"type":"string","description_kind":"plain","optional":true},"dynamic_sort_subtable":{"type":"string","description_kind":"plain","optional":true},"id":{"type":"string","description_kind":"plain","optional":true,"computed":true},"methods":{"type":["set","string"],"description_kind":"plain","optional":true,"computed":true},"name":{"type":"string","description_kind":"plain","optional":true,"computed":true},"preview":{"type":"string","description_kind":"plain","optional":true,"computed":true},"preview_data_length":{"type":"number","description_kind":"plain","optional":true,"computed":true},"replacemsg_group":{"type":"string","description_kind":"plain","optional":true,"computed":true},"request":{"type":"string","description_kind":"plain","optional":true,"computed":true},"request_failure":{"type":"string","description_kind":"plain","optional":true,"computed":true},"request_path":{"type":"string","description_kind":"plain","optional":true,"computed":true},"request_server":{"type":"string","description_kind":"plain","optional":true,"computed":true},"respmod_default_action":{"type":"string","description_kind":"plain","optional":true,"computed":true},"response":{"type":"string","description_kind":"plain","optional":true,"computed":true},"response_failure":{"type":"string","description_kind":"plain","optional":true,"computed":true},"response_path":{"type":"string","description_kind":"plain","optional":true,"computed":true},"response_req_hdr":{"type":"string","description_kind":"plain","optional":true,"computed":true},"response_server":{"type":"string","description_kind":"plain","optional":true,"computed":true},"scopetype":{"type":"string","description_kind":"plain","optional":true},"streaming_content_bypass":{"type":"string","description_kind":"plain","optional":true,"computed":true}},"block_types":{"icap_headers":{"nesting_mode":"list","block":{"attributes":{"base64_encoding":{"type":"string","description_kind":"plain","optional":true,"computed":true},"content":{"type":"string","description_kind":"plain","optional":true,"computed":true},"id":{"type":"number","description_kind":"plain","optional":true,"computed":true},"name":{"type":"string","description_kind":"plain","optional":true,"computed":true}},"description_kind":"plain"}},"respmod_forward_rules":{"nesting_mode":"list","block":{"attributes":{"action":{"type":"string","description_kind":"plain","optional":true,"computed":true},"host":{"type":"string","description_kind":"plain","optional":true,"computed":true},"http_resp_status_code":{"type":["set","number"],"description_kind":"plain","optional":true,"computed":true},"name":{"type":"string","description_kind":"plain","optional":true,"computed":true}},"block_types":{"header_group":{"nesting_mode":"list","block":{"attributes":{"case_sensitivity":{"type":"string","description_kind":"plain","optional":true,"computed":true},"header":{"type":"string","description_kind":"plain","optional":true,"computed":true},"header_name":{"type":"string","description_kind":"plain","optional":true,"computed":true},"id":{"type":"number","description_kind":"plain","optional":true,"computed":true}},"description_kind":"plain"}}},"description_kind":"plain"}}},"description_kind":"plain"}},"fortimanager_object_icap_server":{"version":0,"block":{"attributes":{"adom":{"type":"string","description_kind":"plain","optional":true},"id":{"type":"string","description_kind":"plain","optional":true,"computed":true},"ip6_address":{"type":"string","description_kind":"plain","optional":true,"computed":true},"ip_address":{"type":"string","description_kind":"plain","optional":true,"computed":true},"ip_version":{"type":"string","description_kind":"plain","optional":true,"computed":true},"max_connections":{"type":"number","description_kind":"plain","optional":true,"computed":true},"name":{"type":"string","description_kind":"plain","optional":true,"computed":true},"port":{"type":"number","description_kind":"plain","optional":true,"computed":true},"scopetype":{"type":"string","description_kind":"plain","optional":true},"secure":{"type":"string","description_kind":"plain","optional":true,"computed":true},"ssl_cert":{"type":"string","description_kind":"plain","optional":true,"computed":true}},"description_kind":"plain"}},"fortimanager_object_ips_custom":{"version":0,"block":{"attributes":{"action":{"type":"string","description_kind":"plain","optional":true,"computed":true},"adom":{"type":"string","description_kind":"plain","optional":true},"application":{"type":["set","string"],"description_kind":"plain","optional":true,"computed":true},"comment":{"type":"string","description_kind":"plain","optional":true,"computed":true},"id":{"type":"string","description_kind":"plain","optional":true,"computed":true},"location":{"type":["set","string"],"description_kind":"plain","optional":true,"computed":true},"log":{"type":"string","description_kind":"plain","optional":true,"computed":true},"log_packet":{"type":"string","description_kind":"plain","optional":true,"computed":true},"os":{"type":["set","string"],"description_kind":"plain","optional":true,"computed":true},"protocol":{"type":"string","description_kind":"plain","optional":true,"computed":true},"rule_id":{"type":"number","description_kind":"plain","optional":true,"computed":true},"scopetype":{"type":"string","description_kind":"plain","optional":true},"severity":{"type":"string","description_kind":"plain","optional":true,"computed":true},"sig_name":{"type":"string","description_kind":"plain","optional":true,"computed":true},"signature":{"type":"string","description_kind":"plain","optional":true,"computed":true},"status":{"type":"string","description_kind":"plain","optional":true,"computed":true},"tag":{"type":"string","description_kind":"plain","optional":true,"computed":true}},"description_kind":"plain"}},"fortimanager_object_ips_sensor":{"version":0,"block":{"attributes":{"adom":{"type":"string","description_kind":"plain","optional":true},"block_malicious_url":{"type":"string","description_kind":"plain","optional":true,"computed":true},"comment":{"type":"string","description_kind":"plain","optional":true,"computed":true},"dynamic_sort_subtable":{"type":"string","description_kind":"plain","optional":true},"extended_log":{"type":"string","description_kind":"plain","optional":true,"computed":true},"id":{"type":"string","description_kind":"plain","optional":true,"computed":true},"name":{"type":"string","description_kind":"plain","optional":true,"computed":true},"replacemsg_group":{"type":"string","description_kind":"plain","optional":true,"computed":true},"scan_botnet_connections":{"type":"string","description_kind":"plain","optional":true,"computed":true},"scopetype":{"type":"string","description_kind":"plain","optional":true}},"block_types":{"entries":{"nesting_mode":"list","block":{"attributes":{"action":{"type":"string","description_kind":"plain","optional":true,"computed":true},"application":{"type":["set","string"],"description_kind":"plain","optional":true,"computed":true},"cve":{"type":["set","string"],"description_kind":"plain","optional":true,"computed":true},"id":{"type":"number","description_kind":"plain","optional":true,"computed":true},"location":{"type":["set","string"],"description_kind":"plain","optional":true,"computed":true},"log":{"type":"string","description_kind":"plain","optional":true,"computed":true},"log_attack_context":{"type":"string","description_kind":"plain","optional":true,"computed":true},"log_packet":{"type":"string","description_kind":"plain","optional":true,"computed":true},"os":{"type":["set","string"],"description_kind":"plain","optional":true,"computed":true},"protocol":{"type":["set","string"],"description_kind":"plain","optional":true,"computed":true},"quarantine":{"type":"string","description_kind":"plain","optional":true,"computed":true},"quarantine_expiry":{"type":"string","description_kind":"plain","optional":true,"computed":true},"quarantine_log":{"type":"string","description_kind":"plain","optional":true,"computed":true},"rate_count":{"type":"number","description_kind":"plain","optional":true,"computed":true},"rate_duration":{"type":"number","description_kind":"plain","optional":true,"computed":true},"rate_mode":{"type":"string","description_kind":"plain","optional":true,"computed":true},"rate_track":{"type":"string","description_kind":"plain","optional":true,"computed":true},"rule":{"type":"string","description_kind":"plain","optional":true,"computed":true},"severity":{"type":["set","string"],"description_kind":"plain","optional":true,"computed":true},"status":{"type":"string","description_kind":"plain","optional":true,"computed":true}},"block_types":{"exempt_ip":{"nesting_mode":"list","block":{"attributes":{"dst_ip":{"type":"string","description_kind":"plain","optional":true,"computed":true},"id":{"type":"number","description_kind":"plain","optional":true,"computed":true},"src_ip":{"type":"string","description_kind":"plain","optional":true,"computed":true}},"description_kind":"plain"}}},"description_kind":"plain"}}},"description_kind":"plain"}},"fortimanager_object_log_customfield":{"version":0,"block":{"attributes":{"adom":{"type":"string","description_kind":"plain","optional":true},"fosid":{"type":"string","description_kind":"plain","optional":true,"computed":true},"id":{"type":"string","description_kind":"plain","optional":true,"computed":true},"name":{"type":"string","description_kind":"plain","optional":true,"computed":true},"scopetype":{"type":"string","description_kind":"plain","optional":true},"value":{"type":"string","description_kind":"plain","optional":true,"computed":true}},"description_kind":"plain"}},"fortimanager_object_sshfilter_profile":{"version":0,"block":{"attributes":{"adom":{"type":"string","description_kind":"plain","optional":true},"block":{"type":["set","string"],"description_kind":"plain","optional":true,"computed":true},"default_command_log":{"type":"string","description_kind":"plain","optional":true,"computed":true},"dynamic_sort_subtable":{"type":"string","description_kind":"plain","optional":true},"id":{"type":"string","description_kind":"plain","optional":true,"computed":true},"log":{"type":["set","string"],"description_kind":"plain","optional":true,"computed":true},"name":{"type":"string","description_kind":"plain","optional":true,"computed":true},"scopetype":{"type":"string","description_kind":"plain","optional":true}},"block_types":{"shell_commands":{"nesting_mode":"list","block":{"attributes":{"action":{"type":"string","description_kind":"plain","optional":true,"computed":true},"alert":{"type":"string","description_kind":"plain","optional":true,"computed":true},"id":{"type":"number","description_kind":"plain","optional":true,"computed":true},"log":{"type":"string","description_kind":"plain","optional":true,"computed":true},"pattern":{"type":"string","description_kind":"plain","optional":true,"computed":true},"severity":{"type":"string","description_kind":"plain","optional":true,"computed":true},"type":{"type":"string","description_kind":"plain","optional":true,"computed":true}},"description_kind":"plain"}}},"description_kind":"plain"}},"fortimanager_object_switchcontroller_customcommand":{"version":0,"block":{"attributes":{"adom":{"type":"string","description_kind":"plain","optional":true},"command":{"type":"string","description_kind":"plain","optional":true,"computed":true},"command_name":{"type":"string","description_kind":"plain","optional":true,"computed":true},"description":{"type":"string","description_kind":"plain","optional":true,"computed":true},"id":{"type":"string","description_kind":"plain","optional":true,"computed":true},"scopetype":{"type":"string","description_kind":"plain","optional":true}},"description_kind":"plain"}},"fortimanager_object_switchcontroller_lldpprofile":{"version":0,"block":{"attributes":{"adom":{"type":"string","description_kind":"plain","optional":true},"auto_isl":{"type":"string","description_kind":"plain","optional":true,"computed":true},"auto_isl_hello_timer":{"type":"number","description_kind":"plain","optional":true,"computed":true},"auto_isl_port_group":{"type":"number","description_kind":"plain","optional":true,"computed":true},"auto_isl_receive_timeout":{"type":"number","description_kind":"plain","optional":true,"computed":true},"auto_mclag_icl":{"type":"string","description_kind":"plain","optional":true,"computed":true},"dynamic_sort_subtable":{"type":"string","description_kind":"plain","optional":true},"id":{"type":"string","description_kind":"plain","optional":true,"computed":true},"med_tlvs":{"type":["set","string"],"description_kind":"plain","optional":true,"computed":true},"n8021_tlvs":{"type":["set","string"],"description_kind":"plain","optional":true,"computed":true},"n8023_tlvs":{"type":["set","string"],"description_kind":"plain","optional":true,"computed":true},"name":{"type":"string","description_kind":"plain","optional":true,"computed":true},"scopetype":{"type":"string","description_kind":"plain","optional":true}},"block_types":{"custom_tlvs":{"nesting_mode":"list","block":{"attributes":{"information_string":{"type":"string","description_kind":"plain","optional":true,"computed":true},"name":{"type":"string","description_kind":"plain","optional":true,"computed":true},"oui":{"type":"string","description_kind":"plain","optional":true,"computed":true},"subtype":{"type":"number","description_kind":"plain","optional":true,"computed":true}},"description_kind":"plain"}},"med_location_service":{"nesting_mode":"list","block":{"attributes":{"name":{"type":"string","description_kind":"plain","optional":true,"computed":true},"status":{"type":"string","description_kind":"plain","optional":true,"computed":true},"sys_location_id":{"type":"string","description_kind":"plain","optional":true,"computed":true}},"description_kind":"plain"}},"med_network_policy":{"nesting_mode":"list","block":{"attributes":{"assign_vlan":{"type":"string","description_kind":"plain","optional":true,"computed":true},"dscp":{"type":"number","description_kind":"plain","optional":true,"computed":true},"name":{"type":"string","description_kind":"plain","optional":true,"computed":true},"priority":{"type":"number","description_kind":"plain","optional":true,"computed":true},"status":{"type":"string","description_kind":"plain","optional":true,"computed":true},"vlan":{"type":"number","description_kind":"plain","optional":true,"computed":true},"vlan_intf":{"type":"string","description_kind":"plain","optional":true,"computed":true}},"description_kind":"plain"}}},"description_kind":"plain"}},"fortimanager_object_switchcontroller_qos_dot1pmap":{"version":0,"block":{"attributes":{"adom":{"type":"string","description_kind":"plain","optional":true},"description":{"type":"string","description_kind":"plain","optional":true,"computed":true},"egress_pri_tagging":{"type":"string","description_kind":"plain","optional":true,"computed":true},"id":{"type":"string","description_kind":"plain","optional":true,"computed":true},"name":{"type":"string","description_kind":"plain","optional":true,"computed":true},"priority_0":{"type":"string","description_kind":"plain","optional":true,"computed":true},"priority_1":{"type":"string","description_kind":"plain","optional":true,"computed":true},"priority_2":{"type":"string","description_kind":"plain","optional":true,"computed":true},"priority_3":{"type":"string","description_kind":"plain","optional":true,"computed":true},"priority_4":{"type":"string","description_kind":"plain","optional":true,"computed":true},"priority_5":{"type":"string","description_kind":"plain","optional":true,"computed":true},"priority_6":{"type":"string","description_kind":"plain","optional":true,"computed":true},"priority_7":{"type":"string","description_kind":"plain","optional":true,"computed":true},"scopetype":{"type":"string","description_kind":"plain","optional":true}},"description_kind":"plain"}},"fortimanager_object_switchcontroller_qos_ipdscpmap":{"version":0,"block":{"attributes":{"adom":{"type":"string","description_kind":"plain","optional":true},"description":{"type":"string","description_kind":"plain","optional":true,"computed":true},"dynamic_sort_subtable":{"type":"string","description_kind":"plain","optional":true},"id":{"type":"string","description_kind":"plain","optional":true,"computed":true},"name":{"type":"string","description_kind":"plain","optional":true,"computed":true},"scopetype":{"type":"string","description_kind":"plain","optional":true}},"block_types":{"map":{"nesting_mode":"list","block":{"attributes":{"cos_queue":{"type":"number","description_kind":"plain","optional":true,"computed":true},"diffserv":{"type":["set","string"],"description_kind":"plain","optional":true,"computed":true},"ip_precedence":{"type":["set","string"],"description_kind":"plain","optional":true,"computed":true},"name":{"type":"string","description_kind":"plain","optional":true,"computed":true},"value":{"type":"string","description_kind":"plain","optional":true,"computed":true}},"description_kind":"plain"}}},"description_kind":"plain"}},"fortimanager_object_switchcontroller_qos_qospolicy":{"version":0,"block":{"attributes":{"adom":{"type":"string","description_kind":"plain","optional":true},"default_cos":{"type":"number","description_kind":"plain","optional":true,"computed":true},"id":{"type":"string","description_kind":"plain","optional":true,"computed":true},"name":{"type":"string","description_kind":"plain","optional":true,"computed":true},"queue_policy":{"type":"string","description_kind":"plain","optional":true,"computed":true},"scopetype":{"type":"string","description_kind":"plain","optional":true},"trust_dot1p_map":{"type":"string","description_kind":"plain","optional":true,"computed":true},"trust_ip_dscp_map":{"type":"string","description_kind":"plain","optional":true,"computed":true}},"description_kind":"plain"}},"fortimanager_object_switchcontroller_qos_queuepolicy":{"version":0,"block":{"attributes":{"adom":{"type":"string","description_kind":"plain","optional":true},"dynamic_sort_subtable":{"type":"string","description_kind":"plain","optional":true},"id":{"type":"string","description_kind":"plain","optional":true,"computed":true},"name":{"type":"string","description_kind":"plain","optional":true,"computed":true},"rate_by":{"type":"string","description_kind":"plain","optional":true,"computed":true},"schedule":{"type":"string","description_kind":"plain","optional":true,"computed":true},"scopetype":{"type":"string","description_kind":"plain","optional":true}},"block_types":{"cos_queue":{"nesting_mode":"list","block":{"attributes":{"description":{"type":"string","description_kind":"plain","optional":true,"computed":true},"drop_policy":{"type":"string","description_kind":"plain","optional":true,"computed":true},"ecn":{"type":"string","description_kind":"plain","optional":true,"computed":true},"max_rate":{"type":"number","description_kind":"plain","optional":true,"computed":true},"max_rate_percent":{"type":"number","description_kind":"plain","optional":true,"computed":true},"min_rate":{"type":"number","description_kind":"plain","optional":true,"computed":true},"min_rate_percent":{"type":"number","description_kind":"plain","optional":true,"computed":true},"name":{"type":"string","description_kind":"plain","optional":true,"computed":true},"weight":{"type":"number","description_kind":"plain","optional":true,"computed":true}},"description_kind":"plain"}}},"description_kind":"plain"}},"fortimanager_object_switchcontroller_securitypolicy_8021x":{"version":0,"block":{"attributes":{"adom":{"type":"string","description_kind":"plain","optional":true},"auth_fail_vlan":{"type":"string","description_kind":"plain","optional":true,"computed":true},"auth_fail_vlan_id":{"type":"string","description_kind":"plain","optional":true,"computed":true},"auth_fail_vlanid":{"type":"number","description_kind":"plain","optional":true,"computed":true},"authserver_timeout_period":{"type":"number","description_kind":"plain","optional":true,"computed":true},"authserver_timeout_vlan":{"type":"string","description_kind":"plain","optional":true,"computed":true},"authserver_timeout_vlanid":{"type":"string","description_kind":"plain","optional":true,"computed":true},"eap_auto_untagged_vlans":{"type":"string","description_kind":"plain","optional":true,"computed":true},"eap_passthru":{"type":"string","description_kind":"plain","optional":true,"computed":true},"framevid_apply":{"type":"string","description_kind":"plain","optional":true,"computed":true},"guest_auth_delay":{"type":"number","description_kind":"plain","optional":true,"computed":true},"guest_vlan":{"type":"string","description_kind":"plain","optional":true,"computed":true},"guest_vlan_id":{"type":"string","description_kind":"plain","optional":true,"computed":true},"guest_vlanid":{"type":"number","description_kind":"plain","optional":true,"computed":true},"id":{"type":"string","description_kind":"plain","optional":true,"computed":true},"mac_auth_bypass":{"type":"string","description_kind":"plain","optional":true,"computed":true},"name":{"type":"string","description_kind":"plain","optional":true,"computed":true},"open_auth":{"type":"string","description_kind":"plain","optional":true,"computed":true},"policy_type":{"type":"string","description_kind":"plain","optional":true,"computed":true},"radius_timeout_overwrite":{"type":"string","description_kind":"plain","optional":true,"computed":true},"scopetype":{"type":"string","description_kind":"plain","optional":true},"security_mode":{"type":"string","description_kind":"plain","optional":true,"computed":true},"user_group":{"type":["list","string"],"description_kind":"plain","optional":true,"computed":true}},"description_kind":"plain"}},"fortimanager_object_system_customlanguage":{"version":0,"block":{"attributes":{"adom":{"type":"string","description_kind":"plain","optional":true},"comments":{"type":"string","description_kind":"plain","optional":true,"computed":true},"filename":{"type":"string","description_kind":"plain","optional":true,"computed":true},"id":{"type":"string","description_kind":"plain","optional":true,"computed":true},"name":{"type":"string","description_kind":"plain","optional":true,"computed":true},"scopetype":{"type":"string","description_kind":"plain","optional":true}},"description_kind":"plain"}},"fortimanager_object_system_dhcp_server":{"version":0,"block":{"attributes":{"adom":{"type":"string","description_kind":"plain","optional":true},"auto_configuration":{"type":"string","description_kind":"plain","optional":true,"computed":true},"auto_managed_status":{"type":"string","description_kind":"plain","optional":true,"computed":true},"conflicted_ip_timeout":{"type":"number","description_kind":"plain","optional":true,"computed":true},"ddns_auth":{"type":"string","description_kind":"plain","optional":true,"computed":true},"ddns_key":{"type":"string","description_kind":"plain","optional":true,"computed":true},"ddns_keyname":{"type":"string","description_kind":"plain","optional":true,"computed":true},"ddns_server_ip":{"type":"string","description_kind":"plain","optional":true,"computed":true},"ddns_ttl":{"type":"number","description_kind":"plain","optional":true,"computed":true},"ddns_update":{"type":"string","description_kind":"plain","optional":true,"computed":true},"ddns_update_override":{"type":"string","description_kind":"plain","optional":true,"computed":true},"ddns_zone":{"type":"string","description_kind":"plain","optional":true,"computed":true},"default_gateway":{"type":"string","description_kind":"plain","optional":true,"computed":true},"dhcp_settings_from_fortiipam":{"type":"string","description_kind":"plain","optional":true,"computed":true},"dns_server1":{"type":"string","description_kind":"plain","optional":true,"computed":true},"dns_server2":{"type":"string","description_kind":"plain","optional":true,"computed":true},"dns_server3":{"type":"string","description_kind":"plain","optional":true,"computed":true},"dns_server4":{"type":"string","description_kind":"plain","optional":true,"computed":true},"dns_service":{"type":"string","description_kind":"plain","optional":true,"computed":true},"domain":{"type":"string","description_kind":"plain","optional":true,"computed":true},"dynamic_sort_subtable":{"type":"string","description_kind":"plain","optional":true},"filename":{"type":"string","description_kind":"plain","optional":true,"computed":true},"forticlient_on_net_status":{"type":"string","description_kind":"plain","optional":true,"computed":true},"fosid":{"type":"number","description_kind":"plain","optional":true,"computed":true},"id":{"type":"string","description_kind":"plain","optional":true,"computed":true},"interface":{"type":"string","description_kind":"plain","optional":true,"computed":true},"ip_mode":{"type":"string","description_kind":"plain","optional":true,"computed":true},"ipsec_lease_hold":{"type":"number","description_kind":"plain","optional":true,"computed":true},"lease_time":{"type":"number","description_kind":"plain","optional":true,"computed":true},"mac_acl_default_action":{"type":"string","description_kind":"plain","optional":true,"computed":true},"netmask":{"type":"string","description_kind":"plain","optional":true,"computed":true},"next_server":{"type":"string","description_kind":"plain","optional":true,"computed":true},"ntp_server1":{"type":"string","description_kind":"plain","optional":true,"computed":true},"ntp_server2":{"type":"string","description_kind":"plain","optional":true,"computed":true},"ntp_server3":{"type":"string","description_kind":"plain","optional":true,"computed":true},"ntp_service":{"type":"string","description_kind":"plain","optional":true,"computed":true},"scopetype":{"type":"string","description_kind":"plain","optional":true},"server_type":{"type":"string","description_kind":"plain","optional":true,"computed":true},"status":{"type":"string","description_kind":"plain","optional":true,"computed":true},"tftp_server":{"type":["set","string"],"description_kind":"plain","optional":true,"computed":true},"timezone":{"type":"string","description_kind":"plain","optional":true,"computed":true},"timezone_option":{"type":"string","description_kind":"plain","optional":true,"computed":true},"vci_match":{"type":"string","description_kind":"plain","optional":true,"computed":true},"vci_string":{"type":["set","string"],"description_kind":"plain","optional":true,"computed":true},"wifi_ac1":{"type":"string","description_kind":"plain","optional":true,"computed":true},"wifi_ac2":{"type":"string","description_kind":"plain","optional":true,"computed":true},"wifi_ac3":{"type":"string","description_kind":"plain","optional":true,"computed":true},"wifi_ac_service":{"type":"string","description_kind":"plain","optional":true,"computed":true},"wins_server1":{"type":"string","description_kind":"plain","optional":true,"computed":true},"wins_server2":{"type":"string","description_kind":"plain","optional":true,"computed":true}},"block_types":{"exclude_range":{"nesting_mode":"list","block":{"attributes":{"end_ip":{"type":"string","description_kind":"plain","optional":true,"computed":true},"id":{"type":"number","description_kind":"plain","optional":true,"computed":true},"start_ip":{"type":"string","description_kind":"plain","optional":true,"computed":true}},"description_kind":"plain"}},"ip_range":{"nesting_mode":"list","block":{"attributes":{"end_ip":{"type":"string","description_kind":"plain","optional":true,"computed":true},"id":{"type":"number","description_kind":"plain","optional":true,"computed":true},"start_ip":{"type":"string","description_kind":"plain","optional":true,"computed":true}},"description_kind":"plain"}},"options":{"nesting_mode":"list","block":{"attributes":{"code":{"type":"number","description_kind":"plain","optional":true,"computed":true},"id":{"type":"number","description_kind":"plain","optional":true,"computed":true},"ip":{"type":["set","string"],"description_kind":"plain","optional":true,"computed":true},"type":{"type":"string","description_kind":"plain","optional":true,"computed":true},"value":{"type":"string","description_kind":"plain","optional":true,"computed":true}},"description_kind":"plain"}},"reserved_address":{"nesting_mode":"list","block":{"attributes":{"action":{"type":"string","description_kind":"plain","optional":true,"computed":true},"circuit_id":{"type":"string","description_kind":"plain","optional":true,"computed":true},"circuit_id_type":{"type":"string","description_kind":"plain","optional":true,"computed":true},"description":{"type":"string","description_kind":"plain","optional":true,"computed":true},"id":{"type":"number","description_kind":"plain","optional":true,"computed":true},"ip":{"type":"string","description_kind":"plain","optional":true,"computed":true},"mac":{"type":"string","description_kind":"plain","optional":true,"computed":true},"remote_id":{"type":"string","description_kind":"plain","optional":true,"computed":true},"remote_id_type":{"type":"string","description_kind":"plain","optional":true,"computed":true},"type":{"type":"string","description_kind":"plain","optional":true,"computed":true}},"description_kind":"plain"}}},"description_kind":"plain"}},"fortimanager_object_system_externalresource":{"version":0,"block":{"attributes":{"adom":{"type":"string","description_kind":"plain","optional":true},"category":{"type":"number","description_kind":"plain","optional":true,"computed":true},"comments":{"type":"string","description_kind":"plain","optional":true,"computed":true},"id":{"type":"string","description_kind":"plain","optional":true,"computed":true},"interface":{"type":"string","description_kind":"plain","optional":true,"computed":true},"interface_select_method":{"type":"string","description_kind":"plain","optional":true,"computed":true},"name":{"type":"string","description_kind":"plain","optional":true,"computed":true},"password":{"type":["set","string"],"description_kind":"plain","optional":true,"computed":true},"refresh_rate":{"type":"number","description_kind":"plain","optional":true,"computed":true},"resource":{"type":"string","description_kind":"plain","optional":true,"computed":true},"scopetype":{"type":"string","description_kind":"plain","optional":true},"source_ip":{"type":"string","description_kind":"plain","optional":true,"computed":true},"status":{"type":"string","description_kind":"plain","optional":true,"computed":true},"type":{"type":"string","description_kind":"plain","optional":true,"computed":true},"user_agent":{"type":"string","description_kind":"plain","optional":true,"computed":true},"username":{"type":"string","description_kind":"plain","optional":true,"computed":true},"uuid":{"type":"string","description_kind":"plain","optional":true,"computed":true}},"description_kind":"plain"}},"fortimanager_object_system_fortiguard":{"version":0,"block":{"attributes":{"adom":{"type":"string","description_kind":"plain","optional":true},"antispam_cache":{"type":"string","description_kind":"plain","optional":true,"computed":true},"antispam_cache_mpercent":{"type":"number","description_kind":"plain","optional":true,"computed":true},"antispam_cache_ttl":{"type":"number","description_kind":"plain","optional":true,"computed":true},"antispam_expiration":{"type":"number","description_kind":"plain","optional":true,"computed":true},"antispam_force_off":{"type":"string","description_kind":"plain","optional":true,"computed":true},"antispam_license":{"type":"number","description_kind":"plain","optional":true,"computed":true},"antispam_timeout":{"type":"number","description_kind":"plain","optional":true,"computed":true},"anycast_sdns_server_ip":{"type":"string","description_kind":"plain","optional":true,"computed":true},"anycast_sdns_server_port":{"type":"number","description_kind":"plain","optional":true,"computed":true},"auto_join_forticloud":{"type":"string","description_kind":"plain","optional":true,"computed":true},"ddns_server_ip":{"type":"string","description_kind":"plain","optional":true,"computed":true},"ddns_server_port":{"type":"number","description_kind":"plain","optional":true,"computed":true},"fortiguard_anycast":{"type":"string","description_kind":"plain","optional":true,"computed":true},"fortiguard_anycast_source":{"type":"string","description_kind":"plain","optional":true,"computed":true},"id":{"type":"string","description_kind":"plain","optional":true,"computed":true},"interface":{"type":"string","description_kind":"plain","optional":true,"computed":true},"interface_select_method":{"type":"string","description_kind":"plain","optional":true,"computed":true},"load_balance_servers":{"type":"number","description_kind":"plain","optional":true,"computed":true},"outbreak_prevention_cache":{"type":"string","description_kind":"plain","optional":true,"computed":true},"outbreak_prevention_cache_mpercent":{"type":"number","description_kind":"plain","optional":true,"computed":true},"outbreak_prevention_cache_ttl":{"type":"number","description_kind":"plain","optional":true,"computed":true},"outbreak_prevention_expiration":{"type":"number","description_kind":"plain","optional":true,"computed":true},"outbreak_prevention_force_off":{"type":"string","description_kind":"plain","optional":true,"computed":true},"outbreak_prevention_license":{"type":"number","description_kind":"plain","optional":true,"computed":true},"outbreak_prevention_timeout":{"type":"number","description_kind":"plain","optional":true,"computed":true},"persistent_connection":{"type":"string","description_kind":"plain","optional":true,"computed":true},"port":{"type":"string","description_kind":"plain","optional":true,"computed":true},"protocol":{"type":"string","description_kind":"plain","optional":true,"computed":true},"proxy_password":{"type":["set","string"],"description_kind":"plain","optional":true,"computed":true,"sensitive":true},"proxy_server_ip":{"type":"string","description_kind":"plain","optional":true,"computed":true},"proxy_server_port":{"type":"number","description_kind":"plain","optional":true,"computed":true},"proxy_username":{"type":"string","description_kind":"plain","optional":true,"computed":true},"sandbox_region":{"type":"string","description_kind":"plain","optional":true,"computed":true},"scopetype":{"type":"string","description_kind":"plain","optional":true},"sdns_options":{"type":["set","string"],"description_kind":"plain","optional":true,"computed":true},"sdns_server_ip":{"type":["set","string"],"description_kind":"plain","optional":true,"computed":true},"sdns_server_port":{"type":"number","description_kind":"plain","optional":true,"computed":true},"service_account_id":{"type":"string","description_kind":"plain","optional":true,"computed":true},"source_ip":{"type":"string","description_kind":"plain","optional":true,"computed":true},"source_ip6":{"type":"string","description_kind":"plain","optional":true,"computed":true},"update_build_proxy":{"type":"string","description_kind":"plain","optional":true,"computed":true},"update_extdb":{"type":"string","description_kind":"plain","optional":true,"computed":true},"update_ffdb":{"type":"string","description_kind":"plain","optional":true,"computed":true},"update_server_location":{"type":"string","description_kind":"plain","optional":true,"computed":true},"update_uwdb":{"type":"string","description_kind":"plain","optional":true,"computed":true},"videofilter_expiration":{"type":"number","description_kind":"plain","optional":true,"computed":true},"videofilter_license":{"type":"number","description_kind":"plain","optional":true,"computed":true},"webfilter_cache":{"type":"string","description_kind":"plain","optional":true,"computed":true},"webfilter_cache_ttl":{"type":"number","description_kind":"plain","optional":true,"computed":true},"webfilter_expiration":{"type":"number","description_kind":"plain","optional":true,"computed":true},"webfilter_force_off":{"type":"string","description_kind":"plain","optional":true,"computed":true},"webfilter_license":{"type":"number","description_kind":"plain","optional":true,"computed":true},"webfilter_timeout":{"type":"number","description_kind":"plain","optional":true,"computed":true}},"description_kind":"plain"}},"fortimanager_object_system_geoipcountry":{"version":0,"block":{"attributes":{"adom":{"type":"string","description_kind":"plain","optional":true},"fosid":{"type":"string","description_kind":"plain","optional":true,"computed":true},"id":{"type":"string","description_kind":"plain","optional":true,"computed":true},"name":{"type":"string","description_kind":"plain","optional":true,"computed":true},"scopetype":{"type":"string","description_kind":"plain","optional":true}},"description_kind":"plain"}},"fortimanager_object_system_geoipoverride":{"version":0,"block":{"attributes":{"adom":{"type":"string","description_kind":"plain","optional":true},"country_id":{"type":"string","description_kind":"plain","optional":true,"computed":true},"description":{"type":"string","description_kind":"plain","optional":true,"computed":true},"dynamic_sort_subtable":{"type":"string","description_kind":"plain","optional":true},"id":{"type":"string","description_kind":"plain","optional":true,"computed":true},"name":{"type":"string","description_kind":"plain","optional":true,"computed":true},"scopetype":{"type":"string","description_kind":"plain","optional":true}},"block_types":{"ip6_range":{"nesting_mode":"list","block":{"attributes":{"end_ip":{"type":"string","description_kind":"plain","optional":true,"computed":true},"id":{"type":"number","description_kind":"plain","optional":true,"computed":true},"start_ip":{"type":"string","description_kind":"plain","optional":true,"computed":true}},"description_kind":"plain"}},"ip_range":{"nesting_mode":"list","block":{"attributes":{"end_ip":{"type":"string","description_kind":"plain","optional":true,"computed":true},"id":{"type":"number","description_kind":"plain","optional":true,"computed":true},"start_ip":{"type":"string","description_kind":"plain","optional":true,"computed":true}},"description_kind":"plain"}}},"description_kind":"plain"}},"fortimanager_object_system_meta":{"version":0,"block":{"attributes":{"adom":{"type":"string","description_kind":"plain","optional":true},"dynamic_sort_subtable":{"type":"string","description_kind":"plain","optional":true},"id":{"type":"string","description_kind":"plain","optional":true,"computed":true},"name":{"type":"string","description_kind":"plain","optional":true,"computed":true},"scopetype":{"type":"string","description_kind":"plain","optional":true}},"block_types":{"sys_meta_fields":{"nesting_mode":"list","block":{"attributes":{"fieldlength":{"type":"number","description_kind":"plain","optional":true,"computed":true},"importance":{"type":"string","description_kind":"plain","optional":true,"computed":true},"name":{"type":"string","description_kind":"plain","optional":true,"computed":true}},"description_kind":"plain"}}},"description_kind":"plain"}},"fortimanager_object_system_objecttagging":{"version":0,"block":{"attributes":{"address":{"type":"string","description_kind":"plain","optional":true,"computed":true},"adom":{"type":"string","description_kind":"plain","optional":true},"category":{"type":"string","description_kind":"plain","optional":true,"computed":true},"color":{"type":"number","description_kind":"plain","optional":true,"computed":true},"device":{"type":"string","description_kind":"plain","optional":true,"computed":true},"id":{"type":"string","description_kind":"plain","optional":true,"computed":true},"interface":{"type":"string","description_kind":"plain","optional":true,"computed":true},"multiple":{"type":"string","description_kind":"plain","optional":true,"computed":true},"scopetype":{"type":"string","description_kind":"plain","optional":true},"tags":{"type":["set","string"],"description_kind":"plain","optional":true,"computed":true}},"description_kind":"plain"}},"fortimanager_object_system_replacemsggroup":{"version":0,"block":{"attributes":{"adom":{"type":"string","description_kind":"plain","optional":true},"comment":{"type":"string","description_kind":"plain","optional":true,"computed":true},"dynamic_sort_subtable":{"type":"string","description_kind":"plain","optional":true},"group_type":{"type":"string","description_kind":"plain","optional":true,"computed":true},"id":{"type":"string","description_kind":"plain","optional":true,"computed":true},"name":{"type":"string","description_kind":"plain","optional":true,"computed":true},"scopetype":{"type":"string","description_kind":"plain","optional":true}},"block_types":{"admin":{"nesting_mode":"list","block":{"attributes":{"buffer":{"type":"string","description_kind":"plain","optional":true,"computed":true},"format":{"type":"string","description_kind":"plain","optional":true,"computed":true},"header":{"type":"string","description_kind":"plain","optional":true,"computed":true},"msg_type":{"type":"string","description_kind":"plain","optional":true,"computed":true}},"description_kind":"plain"}},"alertmail":{"nesting_mode":"list","block":{"attributes":{"buffer":{"type":"string","description_kind":"plain","optional":true,"computed":true},"format":{"type":"string","description_kind":"plain","optional":true,"computed":true},"header":{"type":"string","description_kind":"plain","optional":true,"computed":true},"msg_type":{"type":"string","description_kind":"plain","optional":true,"computed":true}},"description_kind":"plain"}},"auth":{"nesting_mode":"list","block":{"attributes":{"buffer":{"type":"string","description_kind":"plain","optional":true,"computed":true},"format":{"type":"string","description_kind":"plain","optional":true,"computed":true},"header":{"type":"string","description_kind":"plain","optional":true,"computed":true},"msg_type":{"type":"string","description_kind":"plain","optional":true,"computed":true}},"description_kind":"plain"}},"automation":{"nesting_mode":"list","block":{"attributes":{"buffer":{"type":"string","description_kind":"plain","optional":true,"computed":true},"format":{"type":"string","description_kind":"plain","optional":true,"computed":true},"header":{"type":"string","description_kind":"plain","optional":true,"computed":true},"msg_type":{"type":"string","description_kind":"plain","optional":true,"computed":true}},"description_kind":"plain"}},"custom_message":{"nesting_mode":"list","block":{"attributes":{"buffer":{"type":"string","description_kind":"plain","optional":true,"computed":true},"format":{"type":"string","description_kind":"plain","optional":true,"computed":true},"header":{"type":"string","description_kind":"plain","optional":true,"computed":true},"msg_type":{"type":"string","description_kind":"plain","optional":true,"computed":true}},"description_kind":"plain"}},"device_detection_portal":{"nesting_mode":"list","block":{"attributes":{"buffer":{"type":"string","description_kind":"plain","optional":true,"computed":true},"format":{"type":"string","description_kind":"plain","optional":true,"computed":true},"header":{"type":"string","description_kind":"plain","optional":true,"computed":true},"msg_type":{"type":"string","description_kind":"plain","optional":true,"computed":true}},"description_kind":"plain"}},"fortiguard_wf":{"nesting_mode":"list","block":{"attributes":{"buffer":{"type":"string","description_kind":"plain","optional":true,"computed":true},"format":{"type":"string","description_kind":"plain","optional":true,"computed":true},"header":{"type":"string","description_kind":"plain","optional":true,"computed":true},"msg_type":{"type":"string","description_kind":"plain","optional":true,"computed":true}},"description_kind":"plain"}},"ftp":{"nesting_mode":"list","block":{"attributes":{"buffer":{"type":"string","description_kind":"plain","optional":true,"computed":true},"format":{"type":"string","description_kind":"plain","optional":true,"computed":true},"header":{"type":"string","description_kind":"plain","optional":true,"computed":true},"msg_type":{"type":"string","description_kind":"plain","optional":true,"computed":true}},"description_kind":"plain"}},"http":{"nesting_mode":"list","block":{"attributes":{"buffer":{"type":"string","description_kind":"plain","optional":true,"computed":true},"format":{"type":"string","description_kind":"plain","optional":true,"computed":true},"header":{"type":"string","description_kind":"plain","optional":true,"computed":true},"msg_type":{"type":"string","description_kind":"plain","optional":true,"computed":true}},"description_kind":"plain"}},"icap":{"nesting_mode":"list","block":{"attributes":{"buffer":{"type":"string","description_kind":"plain","optional":true,"computed":true},"format":{"type":"string","description_kind":"plain","optional":true,"computed":true},"header":{"type":"string","description_kind":"plain","optional":true,"computed":true},"msg_type":{"type":"string","description_kind":"plain","optional":true,"computed":true}},"description_kind":"plain"}},"mail":{"nesting_mode":"list","block":{"attributes":{"buffer":{"type":"string","description_kind":"plain","optional":true,"computed":true},"format":{"type":"string","description_kind":"plain","optional":true,"computed":true},"header":{"type":"string","description_kind":"plain","optional":true,"computed":true},"msg_type":{"type":"string","description_kind":"plain","optional":true,"computed":true}},"description_kind":"plain"}},"mm1":{"nesting_mode":"list","block":{"attributes":{"add_smil":{"type":"string","description_kind":"plain","optional":true,"computed":true},"charset":{"type":"string","description_kind":"plain","optional":true,"computed":true},"class":{"type":"string","description_kind":"plain","optional":true,"computed":true},"format":{"type":"string","description_kind":"plain","optional":true,"computed":true},"from":{"type":"string","description_kind":"plain","optional":true,"computed":true},"from_sender":{"type":"string","description_kind":"plain","optional":true,"computed":true},"header":{"type":"string","description_kind":"plain","optional":true,"computed":true},"image":{"type":"string","description_kind":"plain","optional":true,"computed":true},"message":{"type":"string","description_kind":"plain","optional":true,"computed":true},"msg_type":{"type":"string","description_kind":"plain","optional":true,"computed":true},"priority":{"type":"string","description_kind":"plain","optional":true,"computed":true},"rsp_status":{"type":"string","description_kind":"plain","optional":true,"computed":true},"rsp_text":{"type":"string","description_kind":"plain","optional":true,"computed":true},"sender_visibility":{"type":"string","description_kind":"plain","optional":true,"computed":true},"smil_part":{"type":"string","description_kind":"plain","optional":true,"computed":true},"subject":{"type":"string","description_kind":"plain","optional":true,"computed":true}},"description_kind":"plain"}},"mm3":{"nesting_mode":"list","block":{"attributes":{"add_html":{"type":"string","description_kind":"plain","optional":true,"computed":true},"charset":{"type":"string","description_kind":"plain","optional":true,"computed":true},"format":{"type":"string","description_kind":"plain","optional":true,"computed":true},"from":{"type":"string","description_kind":"plain","optional":true,"computed":true},"from_sender":{"type":"string","description_kind":"plain","optional":true,"computed":true},"header":{"type":"string","description_kind":"plain","optional":true,"computed":true},"html_part":{"type":"string","description_kind":"plain","optional":true,"computed":true},"image":{"type":"string","description_kind":"plain","optional":true,"computed":true},"message":{"type":"string","description_kind":"plain","optional":true,"computed":true},"msg_type":{"type":"string","description_kind":"plain","optional":true,"computed":true},"priority":{"type":"string","description_kind":"plain","optional":true,"computed":true},"subject":{"type":"string","description_kind":"plain","optional":true,"computed":true}},"description_kind":"plain"}},"mm4":{"nesting_mode":"list","block":{"attributes":{"add_smil":{"type":"string","description_kind":"plain","optional":true,"computed":true},"charset":{"type":"string","description_kind":"plain","optional":true,"computed":true},"class":{"type":"string","description_kind":"plain","optional":true,"computed":true},"domain":{"type":"string","description_kind":"plain","optional":true,"computed":true},"format":{"type":"string","description_kind":"plain","optional":true,"computed":true},"from":{"type":"string","description_kind":"plain","optional":true,"computed":true},"from_sender":{"type":"string","description_kind":"plain","optional":true,"computed":true},"header":{"type":"string","description_kind":"plain","optional":true,"computed":true},"image":{"type":"string","description_kind":"plain","optional":true,"computed":true},"message":{"type":"string","description_kind":"plain","optional":true,"computed":true},"msg_type":{"type":"string","description_kind":"plain","optional":true,"computed":true},"priority":{"type":"string","description_kind":"plain","optional":true,"computed":true},"rsp_status":{"type":"string","description_kind":"plain","optional":true,"computed":true},"smil_part":{"type":"string","description_kind":"plain","optional":true,"computed":true},"subject":{"type":"string","description_kind":"plain","optional":true,"computed":true}},"description_kind":"plain"}},"mm7":{"nesting_mode":"list","block":{"attributes":{"add_smil":{"type":"string","description_kind":"plain","optional":true,"computed":true},"addr_type":{"type":"string","description_kind":"plain","optional":true,"computed":true},"allow_content_adaptation":{"type":"string","description_kind":"plain","optional":true,"computed":true},"charset":{"type":"string","description_kind":"plain","optional":true,"computed":true},"class":{"type":"string","description_kind":"plain","optional":true,"computed":true},"format":{"type":"string","description_kind":"plain","optional":true,"computed":true},"from":{"type":"string","description_kind":"plain","optional":true,"computed":true},"from_sender":{"type":"string","description_kind":"plain","optional":true,"computed":true},"header":{"type":"string","description_kind":"plain","optional":true,"computed":true},"image":{"type":"string","description_kind":"plain","optional":true,"computed":true},"message":{"type":"string","description_kind":"plain","optional":true,"computed":true},"msg_type":{"type":"string","description_kind":"plain","optional":true,"computed":true},"priority":{"type":"string","description_kind":"plain","optional":true,"computed":true},"rsp_status":{"type":"string","description_kind":"plain","optional":true,"computed":true},"smil_part":{"type":"string","description_kind":"plain","optional":true,"computed":true},"subject":{"type":"string","description_kind":"plain","optional":true,"computed":true}},"description_kind":"plain"}},"mms":{"nesting_mode":"list","block":{"attributes":{"buffer":{"type":"string","description_kind":"plain","optional":true,"computed":true},"charset":{"type":"string","description_kind":"plain","optional":true,"computed":true},"format":{"type":"string","description_kind":"plain","optional":true,"computed":true},"header":{"type":"string","description_kind":"plain","optional":true,"computed":true},"image":{"type":"string","description_kind":"plain","optional":true,"computed":true},"msg_type":{"type":"string","description_kind":"plain","optional":true,"computed":true}},"description_kind":"plain"}},"nac_quar":{"nesting_mode":"list","block":{"attributes":{"buffer":{"type":"string","description_kind":"plain","optional":true,"computed":true},"format":{"type":"string","description_kind":"plain","optional":true,"computed":true},"header":{"type":"string","description_kind":"plain","optional":true,"computed":true},"msg_type":{"type":"string","description_kind":"plain","optional":true,"computed":true}},"description_kind":"plain"}},"nntp":{"nesting_mode":"list","block":{"attributes":{"buffer":{"type":"string","description_kind":"plain","optional":true,"computed":true},"format":{"type":"string","description_kind":"plain","optional":true,"computed":true},"header":{"type":"string","description_kind":"plain","optional":true,"computed":true},"msg_type":{"type":"string","description_kind":"plain","optional":true,"computed":true}},"description_kind":"plain"}},"spam":{"nesting_mode":"list","block":{"attributes":{"buffer":{"type":"string","description_kind":"plain","optional":true,"computed":true},"format":{"type":"string","description_kind":"plain","optional":true,"computed":true},"header":{"type":"string","description_kind":"plain","optional":true,"computed":true},"msg_type":{"type":"string","description_kind":"plain","optional":true,"computed":true}},"description_kind":"plain"}},"sslvpn":{"nesting_mode":"list","block":{"attributes":{"buffer":{"type":"string","description_kind":"plain","optional":true,"computed":true},"format":{"type":"string","description_kind":"plain","optional":true,"computed":true},"header":{"type":"string","description_kind":"plain","optional":true,"computed":true},"msg_type":{"type":"string","description_kind":"plain","optional":true,"computed":true}},"description_kind":"plain"}},"traffic_quota":{"nesting_mode":"list","block":{"attributes":{"buffer":{"type":"string","description_kind":"plain","optional":true,"computed":true},"format":{"type":"string","description_kind":"plain","optional":true,"computed":true},"header":{"type":"string","description_kind":"plain","optional":true,"computed":true},"msg_type":{"type":"string","description_kind":"plain","optional":true,"computed":true}},"description_kind":"plain"}},"utm":{"nesting_mode":"list","block":{"attributes":{"buffer":{"type":"string","description_kind":"plain","optional":true,"computed":true},"format":{"type":"string","description_kind":"plain","optional":true,"computed":true},"header":{"type":"string","description_kind":"plain","optional":true,"computed":true},"msg_type":{"type":"string","description_kind":"plain","optional":true,"computed":true}},"description_kind":"plain"}},"webproxy":{"nesting_mode":"list","block":{"attributes":{"buffer":{"type":"string","description_kind":"plain","optional":true,"computed":true},"format":{"type":"string","description_kind":"plain","optional":true,"computed":true},"header":{"type":"string","description_kind":"plain","optional":true,"computed":true},"msg_type":{"type":"string","description_kind":"plain","optional":true,"computed":true}},"description_kind":"plain"}}},"description_kind":"plain"}},"fortimanager_object_system_replacemsgimage":{"version":0,"block":{"attributes":{"adom":{"type":"string","description_kind":"plain","optional":true},"id":{"type":"string","description_kind":"plain","optional":true,"computed":true},"image_base64":{"type":"string","description_kind":"plain","optional":true,"computed":true},"image_type":{"type":"string","description_kind":"plain","optional":true,"computed":true},"name":{"type":"string","description_kind":"plain","optional":true,"computed":true},"scopetype":{"type":"string","description_kind":"plain","optional":true}},"description_kind":"plain"}},"fortimanager_object_system_sdnconnector":{"version":0,"block":{"attributes":{"_local_cert":{"type":"string","description_kind":"plain","optional":true,"computed":true},"access_key":{"type":"string","description_kind":"plain","optional":true,"computed":true},"adom":{"type":"string","description_kind":"plain","optional":true},"api_key":{"type":["set","string"],"description_kind":"plain","optional":true,"computed":true},"azure_region":{"type":"string","description_kind":"plain","optional":true,"computed":true},"client_id":{"type":"string","description_kind":"plain","optional":true,"computed":true},"client_secret":{"type":["set","string"],"description_kind":"plain","optional":true,"computed":true},"compartment_id":{"type":"string","description_kind":"plain","optional":true,"computed":true},"compute_generation":{"type":"number","description_kind":"plain","optional":true,"computed":true},"domain":{"type":"string","description_kind":"plain","optional":true,"computed":true},"dynamic_sort_subtable":{"type":"string","description_kind":"plain","optional":true},"gcp_project":{"type":"string","description_kind":"plain","optional":true,"computed":true},"group_name":{"type":"string","description_kind":"plain","optional":true,"computed":true},"ha_status":{"type":"string","description_kind":"plain","optional":true,"computed":true},"ibm_region":{"type":"string","description_kind":"plain","optional":true,"computed":true},"ibm_region_gen1":{"type":"string","description_kind":"plain","optional":true,"computed":true},"ibm_region_gen2":{"type":"string","description_kind":"plain","optional":true,"computed":true},"id":{"type":"string","description_kind":"plain","optional":true,"computed":true},"key_passwd":{"type":["set","string"],"description_kind":"plain","optional":true,"computed":true},"last_update":{"type":"number","description_kind":"plain","optional":true,"computed":true},"login_endpoint":{"type":"string","description_kind":"plain","optional":true,"computed":true},"name":{"type":"string","description_kind":"plain","optional":true,"computed":true},"nsx_cert_fingerprint":{"type":"string","description_kind":"plain","optional":true,"computed":true},"oci_cert":{"type":"string","description_kind":"plain","optional":true,"computed":true},"oci_fingerprint":{"type":"string","description_kind":"plain","optional":true,"computed":true},"oci_region":{"type":"string","description_kind":"plain","optional":true,"computed":true},"oci_region_type":{"type":"string","description_kind":"plain","optional":true,"computed":true},"password":{"type":["set","string"],"description_kind":"plain","optional":true,"computed":true},"private_key":{"type":"string","description_kind":"plain","optional":true,"computed":true},"region":{"type":"string","description_kind":"plain","optional":true,"computed":true},"resource_group":{"type":"string","description_kind":"plain","optional":true,"computed":true},"resource_url":{"type":"string","description_kind":"plain","optional":true,"computed":true},"rest_interface":{"type":"string","description_kind":"plain","optional":true,"computed":true},"rest_password":{"type":["set","string"],"description_kind":"plain","optional":true,"computed":true},"rest_sport":{"type":"number","description_kind":"plain","optional":true,"computed":true},"rest_ssl":{"type":"string","description_kind":"plain","optional":true,"computed":true},"scopetype":{"type":"string","description_kind":"plain","optional":true},"secret_key":{"type":["set","string"],"description_kind":"plain","optional":true,"computed":true},"secret_token":{"type":"string","description_kind":"plain","optional":true,"computed":true},"server":{"type":"string","description_kind":"plain","optional":true,"computed":true},"server_list":{"type":["set","string"],"description_kind":"plain","optional":true,"computed":true},"server_port":{"type":"number","description_kind":"plain","optional":true,"computed":true},"service_account":{"type":"string","description_kind":"plain","optional":true,"computed":true},"status":{"type":"string","description_kind":"plain","optional":true,"computed":true},"subscription_id":{"type":"string","description_kind":"plain","optional":true,"computed":true},"tenant_id":{"type":"string","description_kind":"plain","optional":true,"computed":true},"type":{"type":"string","description_kind":"plain","optional":true,"computed":true},"update_interval":{"type":"number","description_kind":"plain","optional":true,"computed":true},"updating":{"type":"number","description_kind":"plain","optional":true,"computed":true},"use_metadata_iam":{"type":"string","description_kind":"plain","optional":true,"computed":true},"user_id":{"type":"string","description_kind":"plain","optional":true,"computed":true},"username":{"type":"string","description_kind":"plain","optional":true,"computed":true},"vcenter_password":{"type":["set","string"],"description_kind":"plain","optional":true,"computed":true},"vcenter_server":{"type":"string","description_kind":"plain","optional":true,"computed":true},"vcenter_username":{"type":"string","description_kind":"plain","optional":true,"computed":true},"vmx_image_url":{"type":"string","description_kind":"plain","optional":true,"computed":true},"vmx_service_name":{"type":"string","description_kind":"plain","optional":true,"computed":true},"vpc_id":{"type":"string","description_kind":"plain","optional":true,"computed":true}},"block_types":{"external_ip":{"nesting_mode":"list","block":{"attributes":{"name":{"type":"string","description_kind":"plain","optional":true,"computed":true}},"description_kind":"plain"}},"nic":{"nesting_mode":"list","block":{"attributes":{"name":{"type":"string","description_kind":"plain","optional":true,"computed":true}},"block_types":{"ip":{"nesting_mode":"list","block":{"attributes":{"name":{"type":"string","description_kind":"plain","optional":true,"computed":true},"public_ip":{"type":"string","description_kind":"plain","optional":true,"computed":true},"resource_group":{"type":"string","description_kind":"plain","optional":true,"computed":true}},"description_kind":"plain"}}},"description_kind":"plain"}},"route":{"nesting_mode":"list","block":{"attributes":{"name":{"type":"string","description_kind":"plain","optional":true,"computed":true}},"description_kind":"plain"}},"route_table":{"nesting_mode":"list","block":{"attributes":{"name":{"type":"string","description_kind":"plain","optional":true,"computed":true},"resource_group":{"type":"string","description_kind":"plain","optional":true,"computed":true},"subscription_id":{"type":"string","description_kind":"plain","optional":true,"computed":true}},"block_types":{"route":{"nesting_mode":"list","block":{"attributes":{"name":{"type":"string","description_kind":"plain","optional":true,"computed":true},"next_hop":{"type":"string","description_kind":"plain","optional":true,"computed":true}},"description_kind":"plain"}}},"description_kind":"plain"}}},"description_kind":"plain"}},"fortimanager_object_system_smsserver":{"version":0,"block":{"attributes":{"adom":{"type":"string","description_kind":"plain","optional":true},"id":{"type":"string","description_kind":"plain","optional":true,"computed":true},"mail_server":{"type":"string","description_kind":"plain","optional":true,"computed":true},"name":{"type":"string","description_kind":"plain","optional":true,"computed":true},"scopetype":{"type":"string","description_kind":"plain","optional":true}},"description_kind":"plain"}},"fortimanager_object_system_virtualwirepair":{"version":0,"block":{"attributes":{"adom":{"type":"string","description_kind":"plain","optional":true},"id":{"type":"string","description_kind":"plain","optional":true,"computed":true},"member":{"type":["set","string"],"description_kind":"plain","optional":true,"computed":true},"name":{"type":"string","description_kind":"plain","optional":true,"computed":true},"poweroff_bypass":{"type":"string","description_kind":"plain","optional":true,"computed":true},"poweron_bypass":{"type":"string","description_kind":"plain","optional":true,"computed":true},"scopetype":{"type":"string","description_kind":"plain","optional":true},"vlan_filter":{"type":"string","description_kind":"plain","optional":true,"computed":true},"wildcard_vlan":{"type":"string","description_kind":"plain","optional":true,"computed":true}},"description_kind":"plain"}},"fortimanager_object_user_adgrp":{"version":0,"block":{"attributes":{"adom":{"type":"string","description_kind":"plain","optional":true},"connector_source":{"type":"string","description_kind":"plain","optional":true,"computed":true},"fosid":{"type":"number","description_kind":"plain","optional":true,"computed":true},"id":{"type":"string","description_kind":"plain","optional":true,"computed":true},"name":{"type":"string","description_kind":"plain","optional":true,"computed":true},"scopetype":{"type":"string","description_kind":"plain","optional":true},"server_name":{"type":"string","description_kind":"plain","optional":true,"computed":true}},"description_kind":"plain"}},"fortimanager_object_user_clearpass":{"version":0,"block":{"attributes":{"adom":{"type":"string","description_kind":"plain","optional":true},"client":{"type":"string","description_kind":"plain","optional":true,"computed":true},"id":{"type":"string","description_kind":"plain","optional":true,"computed":true},"name":{"type":"string","description_kind":"plain","optional":true,"computed":true},"password":{"type":["set","string"],"description_kind":"plain","optional":true,"computed":true,"sensitive":true},"scopetype":{"type":"string","description_kind":"plain","optional":true},"server":{"type":"string","description_kind":"plain","optional":true,"computed":true},"status":{"type":"string","description_kind":"plain","optional":true,"computed":true},"user":{"type":"string","description_kind":"plain","optional":true,"computed":true}},"description_kind":"plain"}},"fortimanager_object_user_device":{"version":0,"block":{"attributes":{"adom":{"type":"string","description_kind":"plain","optional":true},"alias":{"type":"string","description_kind":"plain","optional":true,"computed":true},"avatar":{"type":"string","description_kind":"plain","optional":true,"computed":true},"category":{"type":"string","description_kind":"plain","optional":true,"computed":true},"comment":{"type":"string","description_kind":"plain","optional":true,"computed":true},"dynamic_sort_subtable":{"type":"string","description_kind":"plain","optional":true},"id":{"type":"string","description_kind":"plain","optional":true,"computed":true},"mac":{"type":"string","description_kind":"plain","optional":true,"computed":true},"master_device":{"type":"string","description_kind":"plain","optional":true,"computed":true},"scopetype":{"type":"string","description_kind":"plain","optional":true},"type":{"type":"string","description_kind":"plain","optional":true,"computed":true},"user":{"type":"string","description_kind":"plain","optional":true,"computed":true}},"block_types":{"dynamic_mapping":{"nesting_mode":"list","block":{"attributes":{"avatar":{"type":"string","description_kind":"plain","optional":true,"computed":true},"category":{"type":"string","description_kind":"plain","optional":true,"computed":true},"comment":{"type":"string","description_kind":"plain","optional":true,"computed":true},"family":{"type":"string","description_kind":"plain","optional":true,"computed":true},"hardware_vendor":{"type":"string","description_kind":"plain","optional":true,"computed":true},"hardware_version":{"type":"string","description_kind":"plain","optional":true,"computed":true},"mac":{"type":"string","description_kind":"plain","optional":true,"computed":true},"master_device":{"type":"string","description_kind":"plain","optional":true,"computed":true},"os":{"type":"string","description_kind":"plain","optional":true,"computed":true},"software_version":{"type":"string","description_kind":"plain","optional":true,"computed":true},"tags":{"type":"string","description_kind":"plain","optional":true,"computed":true},"type":{"type":"string","description_kind":"plain","optional":true,"computed":true},"user":{"type":"string","description_kind":"plain","optional":true,"computed":true}},"block_types":{"_scope":{"nesting_mode":"list","block":{"attributes":{"name":{"type":"string","description_kind":"plain","optional":true,"computed":true},"vdom":{"type":"string","description_kind":"plain","optional":true,"computed":true}},"description_kind":"plain"}}},"description_kind":"plain"}},"tagging":{"nesting_mode":"list","block":{"attributes":{"category":{"type":"string","description_kind":"plain","optional":true,"computed":true},"name":{"type":"string","description_kind":"plain","optional":true,"computed":true},"tags":{"type":["set","string"],"description_kind":"plain","optional":true,"computed":true}},"description_kind":"plain"}}},"description_kind":"plain"}},"fortimanager_object_user_domaincontroller":{"version":0,"block":{"attributes":{"ad_mode":{"type":"string","description_kind":"plain","optional":true,"computed":true},"adlds_dn":{"type":"string","description_kind":"plain","optional":true,"computed":true},"adlds_ip6":{"type":"string","description_kind":"plain","optional":true,"computed":true},"adlds_ip_address":{"type":"string","description_kind":"plain","optional":true,"computed":true},"adlds_port":{"type":"number","description_kind":"plain","optional":true,"computed":true},"adom":{"type":"string","description_kind":"plain","optional":true},"dns_srv_lookup":{"type":"string","description_kind":"plain","optional":true,"computed":true},"domain_name":{"type":"string","description_kind":"plain","optional":true,"computed":true},"dynamic_sort_subtable":{"type":"string","description_kind":"plain","optional":true},"hostname":{"type":"string","description_kind":"plain","optional":true,"computed":true},"id":{"type":"string","description_kind":"plain","optional":true,"computed":true},"interface":{"type":"string","description_kind":"plain","optional":true,"computed":true},"interface_select_method":{"type":"string","description_kind":"plain","optional":true,"computed":true},"ip6":{"type":"string","description_kind":"plain","optional":true,"computed":true},"ip_address":{"type":"string","description_kind":"plain","optional":true,"computed":true},"ldap_server":{"type":["list","string"],"description_kind":"plain","optional":true,"computed":true},"name":{"type":"string","description_kind":"plain","optional":true,"computed":true},"password":{"type":["set","string"],"description_kind":"plain","optional":true,"computed":true},"port":{"type":"number","description_kind":"plain","optional":true,"computed":true},"replication_port":{"type":"number","description_kind":"plain","optional":true,"computed":true},"scopetype":{"type":"string","description_kind":"plain","optional":true},"source_ip6":{"type":"string","description_kind":"plain","optional":true,"computed":true},"source_ip_address":{"type":"string","description_kind":"plain","optional":true,"computed":true},"source_port":{"type":"number","description_kind":"plain","optional":true,"computed":true},"username":{"type":"string","description_kind":"plain","optional":true,"computed":true}},"block_types":{"extra_server":{"nesting_mode":"list","block":{"attributes":{"id":{"type":"number","description_kind":"plain","optional":true,"computed":true},"ip_address":{"type":"string","description_kind":"plain","optional":true,"computed":true},"port":{"type":"number","description_kind":"plain","optional":true,"computed":true},"source_ip_address":{"type":"string","description_kind":"plain","optional":true,"computed":true},"source_port":{"type":"number","description_kind":"plain","optional":true,"computed":true}},"description_kind":"plain"}}},"description_kind":"plain"}},"fortimanager_object_user_exchange":{"version":0,"block":{"attributes":{"addr_type":{"type":"string","description_kind":"plain","optional":true,"computed":true},"adom":{"type":"string","description_kind":"plain","optional":true},"auth_level":{"type":"string","description_kind":"plain","optional":true,"computed":true},"auth_type":{"type":"string","description_kind":"plain","optional":true,"computed":true},"auto_discover_kdc":{"type":"string","description_kind":"plain","optional":true,"computed":true},"connect_protocol":{"type":"string","description_kind":"plain","optional":true,"computed":true},"domain_name":{"type":"string","description_kind":"plain","optional":true,"computed":true},"http_auth_type":{"type":"string","description_kind":"plain","optional":true,"computed":true},"id":{"type":"string","description_kind":"plain","optional":true,"computed":true},"ip":{"type":"string","description_kind":"plain","optional":true,"computed":true},"ip6":{"type":"string","description_kind":"plain","optional":true,"computed":true},"kdc_ip":{"type":["set","string"],"description_kind":"plain","optional":true,"computed":true},"name":{"type":"string","description_kind":"plain","optional":true,"computed":true},"password":{"type":["set","string"],"description_kind":"plain","optional":true,"computed":true,"sensitive":true},"scopetype":{"type":"string","description_kind":"plain","optional":true},"server_name":{"type":"string","description_kind":"plain","optional":true,"computed":true},"ssl_min_proto_version":{"type":"string","description_kind":"plain","optional":true,"computed":true},"username":{"type":"string","description_kind":"plain","optional":true,"computed":true}},"description_kind":"plain"}},"fortimanager_object_user_fortitoken":{"version":0,"block":{"attributes":{"adom":{"type":"string","description_kind":"plain","optional":true},"comments":{"type":"string","description_kind":"plain","optional":true,"computed":true},"id":{"type":"string","description_kind":"plain","optional":true,"computed":true},"license":{"type":"string","description_kind":"plain","optional":true,"computed":true},"scopetype":{"type":"string","description_kind":"plain","optional":true},"serial_number":{"type":"string","description_kind":"plain","optional":true,"computed":true},"status":{"type":"string","description_kind":"plain","optional":true,"computed":true}},"description_kind":"plain"}},"fortimanager_object_user_fsso":{"version":0,"block":{"attributes":{"_gui_meta":{"type":"string","description_kind":"plain","optional":true,"computed":true},"adom":{"type":"string","description_kind":"plain","optional":true},"dynamic_sort_subtable":{"type":"string","description_kind":"plain","optional":true},"group_poll_interval":{"type":"number","description_kind":"plain","optional":true,"computed":true},"id":{"type":"string","description_kind":"plain","optional":true,"computed":true},"interface":{"type":"string","description_kind":"plain","optional":true,"computed":true},"interface_select_method":{"type":"string","description_kind":"plain","optional":true,"computed":true},"ldap_poll":{"type":"string","description_kind":"plain","optional":true,"computed":true},"ldap_poll_filter":{"type":"string","description_kind":"plain","optional":true,"computed":true},"ldap_poll_interval":{"type":"number","description_kind":"plain","optional":true,"computed":true},"ldap_server":{"type":"string","description_kind":"plain","optional":true,"computed":true},"name":{"type":"string","description_kind":"plain","optional":true,"computed":true},"password":{"type":["set","string"],"description_kind":"plain","optional":true,"computed":true},"password2":{"type":["set","string"],"description_kind":"plain","optional":true,"computed":true},"password3":{"type":["set","string"],"description_kind":"plain","optional":true,"computed":true},"password4":{"type":["set","string"],"description_kind":"plain","optional":true,"computed":true},"password5":{"type":["set","string"],"description_kind":"plain","optional":true,"computed":true},"port":{"type":"number","description_kind":"plain","optional":true,"computed":true},"port2":{"type":"number","description_kind":"plain","optional":true,"computed":true},"port3":{"type":"number","description_kind":"plain","optional":true,"computed":true},"port4":{"type":"number","description_kind":"plain","optional":true,"computed":true},"port5":{"type":"number","description_kind":"plain","optional":true,"computed":true},"scopetype":{"type":"string","description_kind":"plain","optional":true},"server":{"type":"string","description_kind":"plain","optional":true,"computed":true},"server2":{"type":"string","description_kind":"plain","optional":true,"computed":true},"server3":{"type":"string","description_kind":"plain","optional":true,"computed":true},"server4":{"type":"string","description_kind":"plain","optional":true,"computed":true},"server5":{"type":"string","description_kind":"plain","optional":true,"computed":true},"source_ip":{"type":"string","description_kind":"plain","optional":true,"computed":true},"source_ip6":{"type":"string","description_kind":"plain","optional":true,"computed":true},"ssl":{"type":"string","description_kind":"plain","optional":true,"computed":true},"ssl_trusted_cert":{"type":"string","description_kind":"plain","optional":true,"computed":true},"type":{"type":"string","description_kind":"plain","optional":true,"computed":true},"user_info_server":{"type":"string","description_kind":"plain","optional":true,"computed":true}},"block_types":{"dynamic_mapping":{"nesting_mode":"list","block":{"attributes":{"_gui_meta":{"type":"string","description_kind":"plain","optional":true,"computed":true},"group_poll_interval":{"type":"number","description_kind":"plain","optional":true,"computed":true},"interface":{"type":"string","description_kind":"plain","optional":true,"computed":true},"interface_select_method":{"type":"string","description_kind":"plain","optional":true,"computed":true},"ldap_poll":{"type":"string","description_kind":"plain","optional":true,"computed":true},"ldap_poll_filter":{"type":"string","description_kind":"plain","optional":true,"computed":true},"ldap_poll_interval":{"type":"number","description_kind":"plain","optional":true,"computed":true},"ldap_server":{"type":"string","description_kind":"plain","optional":true,"computed":true},"password":{"type":["set","string"],"description_kind":"plain","optional":true,"computed":true},"password2":{"type":["set","string"],"description_kind":"plain","optional":true,"computed":true},"password3":{"type":["set","string"],"description_kind":"plain","optional":true,"computed":true},"password4":{"type":["set","string"],"description_kind":"plain","optional":true,"computed":true},"password5":{"type":["set","string"],"description_kind":"plain","optional":true,"computed":true},"port":{"type":"number","description_kind":"plain","optional":true,"computed":true},"port2":{"type":"number","description_kind":"plain","optional":true,"computed":true},"port3":{"type":"number","description_kind":"plain","optional":true,"computed":true},"port4":{"type":"number","description_kind":"plain","optional":true,"computed":true},"port5":{"type":"number","description_kind":"plain","optional":true,"computed":true},"server":{"type":"string","description_kind":"plain","optional":true,"computed":true},"server2":{"type":"string","description_kind":"plain","optional":true,"computed":true},"server3":{"type":"string","description_kind":"plain","optional":true,"computed":true},"server4":{"type":"string","description_kind":"plain","optional":true,"computed":true},"server5":{"type":"string","description_kind":"plain","optional":true,"computed":true},"source_ip":{"type":"string","description_kind":"plain","optional":true,"computed":true},"source_ip6":{"type":"string","description_kind":"plain","optional":true,"computed":true},"ssl":{"type":"string","description_kind":"plain","optional":true,"computed":true},"ssl_trusted_cert":{"type":"string","description_kind":"plain","optional":true,"computed":true},"type":{"type":"string","description_kind":"plain","optional":true,"computed":true},"user_info_server":{"type":"string","description_kind":"plain","optional":true,"computed":true}},"block_types":{"_scope":{"nesting_mode":"list","block":{"attributes":{"name":{"type":"string","description_kind":"plain","optional":true,"computed":true},"vdom":{"type":"string","description_kind":"plain","optional":true,"computed":true}},"description_kind":"plain"}}},"description_kind":"plain"}}},"description_kind":"plain"}},"fortimanager_object_user_fssopolling":{"version":0,"block":{"attributes":{"_gui_meta":{"type":"string","description_kind":"plain","optional":true,"computed":true},"adom":{"type":"string","description_kind":"plain","optional":true},"default_domain":{"type":"string","description_kind":"plain","optional":true,"computed":true},"dynamic_sort_subtable":{"type":"string","description_kind":"plain","optional":true},"fosid":{"type":"number","description_kind":"plain","optional":true,"computed":true},"id":{"type":"string","description_kind":"plain","optional":true,"computed":true},"ldap_server":{"type":"string","description_kind":"plain","optional":true,"computed":true},"logon_history":{"type":"number","description_kind":"plain","optional":true,"computed":true},"password":{"type":["set","string"],"description_kind":"plain","optional":true,"computed":true},"polling_frequency":{"type":"number","description_kind":"plain","optional":true,"computed":true},"port":{"type":"number","description_kind":"plain","optional":true,"computed":true},"scopetype":{"type":"string","description_kind":"plain","optional":true},"server":{"type":"string","description_kind":"plain","optional":true,"computed":true},"smb_ntlmv1_auth":{"type":"string","description_kind":"plain","optional":true,"computed":true},"smbv1":{"type":"string","description_kind":"plain","optional":true,"computed":true},"status":{"type":"string","description_kind":"plain","optional":true,"computed":true},"user":{"type":"string","description_kind":"plain","optional":true,"computed":true}},"block_types":{"adgrp":{"nesting_mode":"list","block":{"attributes":{"name":{"type":"string","description_kind":"plain","optional":true,"computed":true}},"description_kind":"plain"}}},"description_kind":"plain"}},"fortimanager_object_user_group":{"version":0,"block":{"attributes":{"adom":{"type":"string","description_kind":"plain","optional":true},"auth_concurrent_override":{"type":"string","description_kind":"plain","optional":true,"computed":true},"auth_concurrent_value":{"type":"number","description_kind":"plain","optional":true,"computed":true},"authtimeout":{"type":"number","description_kind":"plain","optional":true,"computed":true},"company":{"type":"string","description_kind":"plain","optional":true,"computed":true},"dynamic_sort_subtable":{"type":"string","description_kind":"plain","optional":true},"email":{"type":"string","description_kind":"plain","optional":true,"computed":true},"expire":{"type":"number","description_kind":"plain","optional":true,"computed":true},"expire_type":{"type":"string","description_kind":"plain","optional":true,"computed":true},"fosid":{"type":"number","description_kind":"plain","optional":true,"computed":true},"group_type":{"type":"string","description_kind":"plain","optional":true,"computed":true},"http_digest_realm":{"type":"string","description_kind":"plain","optional":true,"computed":true},"id":{"type":"string","description_kind":"plain","optional":true,"computed":true},"max_accounts":{"type":"number","description_kind":"plain","optional":true,"computed":true},"member":{"type":["list","string"],"description_kind":"plain","optional":true,"computed":true},"mobile_phone":{"type":"string","description_kind":"plain","optional":true,"computed":true},"multiple_guest_add":{"type":"string","description_kind":"plain","optional":true,"computed":true},"name":{"type":"string","description_kind":"plain","optional":true,"computed":true},"password":{"type":"string","description_kind":"plain","optional":true,"computed":true},"scopetype":{"type":"string","description_kind":"plain","optional":true},"sms_custom_server":{"type":"string","description_kind":"plain","optional":true,"computed":true},"sms_server":{"type":"string","description_kind":"plain","optional":true,"computed":true},"sponsor":{"type":"string","description_kind":"plain","optional":true,"computed":true},"sso_attribute_value":{"type":"string","description_kind":"plain","optional":true,"computed":true},"user_id":{"type":"string","description_kind":"plain","optional":true,"computed":true},"user_name":{"type":"string","description_kind":"plain","optional":true,"computed":true}},"block_types":{"guest":{"nesting_mode":"list","block":{"attributes":{"comment":{"type":"string","description_kind":"plain","optional":true,"computed":true},"company":{"type":"string","description_kind":"plain","optional":true,"computed":true},"email":{"type":"string","description_kind":"plain","optional":true,"computed":true},"expiration":{"type":"string","description_kind":"plain","optional":true,"computed":true},"id":{"type":"number","description_kind":"plain","optional":true,"computed":true},"mobile_phone":{"type":"string","description_kind":"plain","optional":true,"computed":true},"name":{"type":"string","description_kind":"plain","optional":true,"computed":true},"password":{"type":["set","string"],"description_kind":"plain","optional":true,"computed":true},"sponsor":{"type":"string","description_kind":"plain","optional":true,"computed":true},"user_id":{"type":"string","description_kind":"plain","optional":true,"computed":true}},"description_kind":"plain"}},"match":{"nesting_mode":"list","block":{"attributes":{"_gui_meta":{"type":"string","description_kind":"plain","optional":true,"computed":true},"group_name":{"type":"string","description_kind":"plain","optional":true,"computed":true},"id":{"type":"number","description_kind":"plain","optional":true,"computed":true},"server_name":{"type":"string","description_kind":"plain","optional":true,"computed":true}},"description_kind":"plain"}}},"description_kind":"plain"}},"fortimanager_object_user_krbkeytab":{"version":0,"block":{"attributes":{"adom":{"type":"string","description_kind":"plain","optional":true},"id":{"type":"string","description_kind":"plain","optional":true,"computed":true},"keytab":{"type":"string","description_kind":"plain","optional":true,"computed":true},"ldap_server":{"type":["list","string"],"description_kind":"plain","optional":true,"computed":true},"name":{"type":"string","description_kind":"plain","optional":true,"computed":true},"pac_data":{"type":"string","description_kind":"plain","optional":true,"computed":true},"password":{"type":["set","string"],"description_kind":"plain","optional":true,"computed":true},"principal":{"type":"string","description_kind":"plain","optional":true,"computed":true},"scopetype":{"type":"string","description_kind":"plain","optional":true}},"description_kind":"plain"}},"fortimanager_object_user_ldap":{"version":0,"block":{"attributes":{"account_key_filter":{"type":"string","description_kind":"plain","optional":true,"computed":true},"account_key_processing":{"type":"string","description_kind":"plain","optional":true,"computed":true},"adom":{"type":"string","description_kind":"plain","optional":true},"antiphish":{"type":"string","description_kind":"plain","optional":true,"computed":true},"ca_cert":{"type":"string","description_kind":"plain","optional":true,"computed":true},"cnid":{"type":"string","description_kind":"plain","optional":true,"computed":true},"dn":{"type":"string","description_kind":"plain","optional":true,"computed":true},"dynamic_sort_subtable":{"type":"string","description_kind":"plain","optional":true},"group_filter":{"type":"string","description_kind":"plain","optional":true,"computed":true},"group_member_check":{"type":"string","description_kind":"plain","optional":true,"computed":true},"group_object_filter":{"type":"string","description_kind":"plain","optional":true,"computed":true},"group_search_base":{"type":"string","description_kind":"plain","optional":true,"computed":true},"id":{"type":"string","description_kind":"plain","optional":true,"computed":true},"interface":{"type":"string","description_kind":"plain","optional":true,"computed":true},"interface_select_method":{"type":"string","description_kind":"plain","optional":true,"computed":true},"member_attr":{"type":"string","description_kind":"plain","optional":true,"computed":true},"name":{"type":"string","description_kind":"plain","optional":true,"computed":true},"obtain_user_info":{"type":"string","description_kind":"plain","optional":true,"computed":true},"password":{"type":["set","string"],"description_kind":"plain","optional":true,"computed":true,"sensitive":true},"password_attr":{"type":"string","description_kind":"plain","optional":true,"computed":true},"password_expiry_warning":{"type":"string","description_kind":"plain","optional":true,"computed":true},"password_renewal":{"type":"string","description_kind":"plain","optional":true,"computed":true},"port":{"type":"number","description_kind":"plain","optional":true,"computed":true},"scopetype":{"type":"string","description_kind":"plain","optional":true},"search_type":{"type":["set","string"],"description_kind":"plain","optional":true,"computed":true},"secondary_server":{"type":"string","description_kind":"plain","optional":true,"computed":true},"secure":{"type":"string","description_kind":"plain","optional":true,"computed":true},"server":{"type":"string","description_kind":"plain","optional":true,"computed":true},"server_identity_check":{"type":"string","description_kind":"plain","optional":true,"computed":true},"source_ip":{"type":"string","description_kind":"plain","optional":true,"computed":true},"source_port":{"type":"number","description_kind":"plain","optional":true,"computed":true},"ssl_min_proto_version":{"type":"string","description_kind":"plain","optional":true,"computed":true},"tertiary_server":{"type":"string","description_kind":"plain","optional":true,"computed":true},"two_factor":{"type":"string","description_kind":"plain","optional":true,"computed":true},"two_factor_authentication":{"type":"string","description_kind":"plain","optional":true,"computed":true},"two_factor_notification":{"type":"string","description_kind":"plain","optional":true,"computed":true},"type":{"type":"string","description_kind":"plain","optional":true,"computed":true},"user_info_exchange_server":{"type":"string","description_kind":"plain","optional":true,"computed":true},"username":{"type":"string","description_kind":"plain","optional":true,"computed":true}},"block_types":{"dynamic_mapping":{"nesting_mode":"list","block":{"attributes":{"account_key_filter":{"type":"string","description_kind":"plain","optional":true,"computed":true},"account_key_name":{"type":"string","description_kind":"plain","optional":true,"computed":true},"account_key_processing":{"type":"string","description_kind":"plain","optional":true,"computed":true},"antiphish":{"type":"string","description_kind":"plain","optional":true,"computed":true},"ca_cert":{"type":"string","description_kind":"plain","optional":true,"computed":true},"cnid":{"type":"string","description_kind":"plain","optional":true,"computed":true},"dn":{"type":"string","description_kind":"plain","optional":true,"computed":true},"filter":{"type":"string","description_kind":"plain","optional":true,"computed":true},"group":{"type":"string","description_kind":"plain","optional":true,"computed":true},"group_filter":{"type":"string","description_kind":"plain","optional":true,"computed":true},"group_member_check":{"type":"string","description_kind":"plain","optional":true,"computed":true},"group_object_filter":{"type":"string","description_kind":"plain","optional":true,"computed":true},"group_object_search_base":{"type":"string","description_kind":"plain","optional":true,"computed":true},"group_search_base":{"type":"string","description_kind":"plain","optional":true,"computed":true},"interface":{"type":"string","description_kind":"plain","optional":true,"computed":true},"interface_select_method":{"type":"string","description_kind":"plain","optional":true,"computed":true},"member_attr":{"type":"string","description_kind":"plain","optional":true,"computed":true},"obtain_user_info":{"type":"string","description_kind":"plain","optional":true,"computed":true},"password":{"type":["set","string"],"description_kind":"plain","optional":true,"computed":true},"password_attr":{"type":"string","description_kind":"plain","optional":true,"computed":true},"password_expiry_warning":{"type":"string","description_kind":"plain","optional":true,"computed":true},"password_renewal":{"type":"string","description_kind":"plain","optional":true,"computed":true},"port":{"type":"number","description_kind":"plain","optional":true,"computed":true},"retrieve_protection_profile":{"type":"string","description_kind":"plain","optional":true,"computed":true},"search_type":{"type":["set","string"],"description_kind":"plain","optional":true,"computed":true},"secondary_server":{"type":"string","description_kind":"plain","optional":true,"computed":true},"secure":{"type":"string","description_kind":"plain","optional":true,"computed":true},"server":{"type":"string","description_kind":"plain","optional":true,"computed":true},"server_identity_check":{"type":"string","description_kind":"plain","optional":true,"computed":true},"source_ip":{"type":"string","description_kind":"plain","optional":true,"computed":true},"source_port":{"type":"number","description_kind":"plain","optional":true,"computed":true},"ssl_min_proto_version":{"type":"string","description_kind":"plain","optional":true,"computed":true},"tertiary_server":{"type":"string","description_kind":"plain","optional":true,"computed":true},"two_factor":{"type":"string","description_kind":"plain","optional":true,"computed":true},"two_factor_authentication":{"type":"string","description_kind":"plain","optional":true,"computed":true},"two_factor_notification":{"type":"string","description_kind":"plain","optional":true,"computed":true},"type":{"type":"string","description_kind":"plain","optional":true,"computed":true},"user_info_exchange_server":{"type":"string","description_kind":"plain","optional":true,"computed":true},"username":{"type":"string","description_kind":"plain","optional":true,"computed":true}},"block_types":{"_scope":{"nesting_mode":"list","block":{"attributes":{"name":{"type":"string","description_kind":"plain","optional":true,"computed":true},"vdom":{"type":"string","description_kind":"plain","optional":true,"computed":true}},"description_kind":"plain"}}},"description_kind":"plain"}}},"description_kind":"plain"}},"fortimanager_object_user_local":{"version":0,"block":{"attributes":{"adom":{"type":"string","description_kind":"plain","optional":true},"auth_concurrent_override":{"type":"string","description_kind":"plain","optional":true,"computed":true},"auth_concurrent_value":{"type":"number","description_kind":"plain","optional":true,"computed":true},"authtimeout":{"type":"number","description_kind":"plain","optional":true,"computed":true},"email_to":{"type":"string","description_kind":"plain","optional":true,"computed":true},"fortitoken":{"type":"string","description_kind":"plain","optional":true,"computed":true},"fosid":{"type":"number","description_kind":"plain","optional":true,"computed":true},"id":{"type":"string","description_kind":"plain","optional":true,"computed":true},"ldap_server":{"type":"string","description_kind":"plain","optional":true,"computed":true},"name":{"type":"string","description_kind":"plain","optional":true,"computed":true},"passwd":{"type":["set","string"],"description_kind":"plain","optional":true,"computed":true,"sensitive":true},"passwd_policy":{"type":"string","description_kind":"plain","optional":true,"computed":true},"ppk_identity":{"type":"string","description_kind":"plain","optional":true,"computed":true},"ppk_secret":{"type":["set","string"],"description_kind":"plain","optional":true,"computed":true,"sensitive":true},"radius_server":{"type":"string","description_kind":"plain","optional":true,"computed":true},"scopetype":{"type":"string","description_kind":"plain","optional":true},"sms_custom_server":{"type":"string","description_kind":"plain","optional":true,"computed":true},"sms_phone":{"type":"string","description_kind":"plain","optional":true,"computed":true},"sms_server":{"type":"string","description_kind":"plain","optional":true,"computed":true},"status":{"type":"string","description_kind":"plain","optional":true,"computed":true},"tacacs_server":{"type":"string","description_kind":"plain","optional":true,"computed":true},"two_factor":{"type":"string","description_kind":"plain","optional":true,"computed":true},"two_factor_authentication":{"type":"string","description_kind":"plain","optional":true,"computed":true},"two_factor_notification":{"type":"string","description_kind":"plain","optional":true,"computed":true},"type":{"type":"string","description_kind":"plain","optional":true,"computed":true},"username_case_insensitivity":{"type":"string","description_kind":"plain","optional":true,"computed":true},"username_case_sensitivity":{"type":"string","description_kind":"plain","optional":true,"computed":true},"workstation":{"type":"string","description_kind":"plain","optional":true,"computed":true}},"description_kind":"plain"}},"fortimanager_object_user_nsx":{"version":0,"block":{"attributes":{"adom":{"type":"string","description_kind":"plain","optional":true},"fmgip":{"type":"string","description_kind":"plain","optional":true,"computed":true},"fmgpasswd":{"type":["set","string"],"description_kind":"plain","optional":true,"computed":true,"sensitive":true},"fmguser":{"type":"string","description_kind":"plain","optional":true,"computed":true},"id":{"type":"string","description_kind":"plain","optional":true,"computed":true},"name":{"type":"string","description_kind":"plain","optional":true,"computed":true},"password":{"type":["set","string"],"description_kind":"plain","optional":true,"computed":true,"sensitive":true},"scopetype":{"type":"string","description_kind":"plain","optional":true},"server":{"type":"string","description_kind":"plain","optional":true,"computed":true},"service_id":{"type":["set","string"],"description_kind":"plain","optional":true,"computed":true},"status":{"type":"string","description_kind":"plain","optional":true,"computed":true},"user":{"type":"string","description_kind":"plain","optional":true,"computed":true}},"description_kind":"plain"}},"fortimanager_object_user_passwordpolicy":{"version":0,"block":{"attributes":{"adom":{"type":"string","description_kind":"plain","optional":true},"expire_days":{"type":"number","description_kind":"plain","optional":true,"computed":true},"expired_password_renewal":{"type":"string","description_kind":"plain","optional":true,"computed":true},"id":{"type":"string","description_kind":"plain","optional":true,"computed":true},"name":{"type":"string","description_kind":"plain","optional":true,"computed":true},"scopetype":{"type":"string","description_kind":"plain","optional":true},"warn_days":{"type":"number","description_kind":"plain","optional":true,"computed":true}},"description_kind":"plain"}},"fortimanager_object_user_peer":{"version":0,"block":{"attributes":{"adom":{"type":"string","description_kind":"plain","optional":true},"ca":{"type":"string","description_kind":"plain","optional":true,"computed":true},"cn":{"type":"string","description_kind":"plain","optional":true,"computed":true},"cn_type":{"type":"string","description_kind":"plain","optional":true,"computed":true},"id":{"type":"string","description_kind":"plain","optional":true,"computed":true},"ldap_mode":{"type":"string","description_kind":"plain","optional":true,"computed":true},"ldap_password":{"type":["set","string"],"description_kind":"plain","optional":true,"computed":true},"ldap_server":{"type":"string","description_kind":"plain","optional":true,"computed":true},"ldap_username":{"type":"string","description_kind":"plain","optional":true,"computed":true},"mandatory_ca_verify":{"type":"string","description_kind":"plain","optional":true,"computed":true},"name":{"type":"string","description_kind":"plain","optional":true,"computed":true},"ocsp_override_server":{"type":"string","description_kind":"plain","optional":true,"computed":true},"passwd":{"type":["set","string"],"description_kind":"plain","optional":true,"computed":true},"scopetype":{"type":"string","description_kind":"plain","optional":true},"subject":{"type":"string","description_kind":"plain","optional":true,"computed":true},"two_factor":{"type":"string","description_kind":"plain","optional":true,"computed":true}},"description_kind":"plain"}},"fortimanager_object_user_peergrp":{"version":0,"block":{"attributes":{"adom":{"type":"string","description_kind":"plain","optional":true},"id":{"type":"string","description_kind":"plain","optional":true,"computed":true},"member":{"type":["list","string"],"description_kind":"plain","optional":true,"computed":true},"name":{"type":"string","description_kind":"plain","optional":true,"computed":true},"scopetype":{"type":"string","description_kind":"plain","optional":true}},"description_kind":"plain"}},"fortimanager_object_user_pop3":{"version":0,"block":{"attributes":{"adom":{"type":"string","description_kind":"plain","optional":true},"id":{"type":"string","description_kind":"plain","optional":true,"computed":true},"name":{"type":"string","description_kind":"plain","optional":true,"computed":true},"port":{"type":"number","description_kind":"plain","optional":true,"computed":true},"scopetype":{"type":"string","description_kind":"plain","optional":true},"secure":{"type":"string","description_kind":"plain","optional":true,"computed":true},"server":{"type":"string","description_kind":"plain","optional":true,"computed":true},"ssl_min_proto_version":{"type":"string","description_kind":"plain","optional":true,"computed":true}},"description_kind":"plain"}},"fortimanager_object_user_pxgrid":{"version":0,"block":{"attributes":{"adom":{"type":"string","description_kind":"plain","optional":true},"ca_cert":{"type":"string","description_kind":"plain","optional":true,"computed":true},"client_cert":{"type":"string","description_kind":"plain","optional":true,"computed":true},"id":{"type":"string","description_kind":"plain","optional":true,"computed":true},"name":{"type":"string","description_kind":"plain","optional":true,"computed":true},"scopetype":{"type":"string","description_kind":"plain","optional":true},"server":{"type":"string","description_kind":"plain","optional":true,"computed":true},"status":{"type":"string","description_kind":"plain","optional":true,"computed":true}},"description_kind":"plain"}},"fortimanager_object_user_radius":{"version":0,"block":{"attributes":{"acct_all_servers":{"type":"string","description_kind":"plain","optional":true,"computed":true},"acct_interim_interval":{"type":"number","description_kind":"plain","optional":true,"computed":true},"adom":{"type":"string","description_kind":"plain","optional":true},"all_usergroup":{"type":"string","description_kind":"plain","optional":true,"computed":true},"auth_type":{"type":"string","description_kind":"plain","optional":true,"computed":true},"class":{"type":["set","string"],"description_kind":"plain","optional":true,"computed":true},"dynamic_sort_subtable":{"type":"string","description_kind":"plain","optional":true},"group_override_attr_type":{"type":"string","description_kind":"plain","optional":true,"computed":true},"h3c_compatibility":{"type":"string","description_kind":"plain","optional":true,"computed":true},"id":{"type":"string","description_kind":"plain","optional":true,"computed":true},"interface":{"type":"string","description_kind":"plain","optional":true,"computed":true},"interface_select_method":{"type":"string","description_kind":"plain","optional":true,"computed":true},"name":{"type":"string","description_kind":"plain","optional":true,"computed":true},"nas_ip":{"type":"string","description_kind":"plain","optional":true,"computed":true},"password_encoding":{"type":"string","description_kind":"plain","optional":true,"computed":true},"password_renewal":{"type":"string","description_kind":"plain","optional":true,"computed":true},"radius_coa":{"type":"string","description_kind":"plain","optional":true,"computed":true},"radius_port":{"type":"number","description_kind":"plain","optional":true,"computed":true},"rsso":{"type":"string","description_kind":"plain","optional":true,"computed":true},"rsso_context_timeout":{"type":"number","description_kind":"plain","optional":true,"computed":true},"rsso_endpoint_attribute":{"type":"string","description_kind":"plain","optional":true,"computed":true},"rsso_endpoint_block_attribute":{"type":"string","description_kind":"plain","optional":true,"computed":true},"rsso_ep_one_ip_only":{"type":"string","description_kind":"plain","optional":true,"computed":true},"rsso_flush_ip_session":{"type":"string","description_kind":"plain","optional":true,"computed":true},"rsso_log_flags":{"type":["set","string"],"description_kind":"plain","optional":true,"computed":true},"rsso_log_period":{"type":"number","description_kind":"plain","optional":true,"computed":true},"rsso_radius_response":{"type":"string","description_kind":"plain","optional":true,"computed":true},"rsso_radius_server_port":{"type":"number","description_kind":"plain","optional":true,"computed":true},"rsso_secret":{"type":["set","string"],"description_kind":"plain","optional":true,"computed":true},"rsso_validate_request_secret":{"type":"string","description_kind":"plain","optional":true,"computed":true},"scopetype":{"type":"string","description_kind":"plain","optional":true},"secondary_secret":{"type":["set","string"],"description_kind":"plain","optional":true,"computed":true,"sensitive":true},"secondary_server":{"type":"string","description_kind":"plain","optional":true,"computed":true},"secret":{"type":["set","string"],"description_kind":"plain","optional":true,"computed":true,"sensitive":true},"server":{"type":"string","description_kind":"plain","optional":true,"computed":true},"source_ip":{"type":"string","description_kind":"plain","optional":true,"computed":true},"sso_attribute":{"type":"string","description_kind":"plain","optional":true,"computed":true},"sso_attribute_key":{"type":"string","description_kind":"plain","optional":true,"computed":true},"sso_attribute_value_override":{"type":"string","description_kind":"plain","optional":true,"computed":true},"switch_controller_acct_fast_framedip_detect":{"type":"number","description_kind":"plain","optional":true,"computed":true},"switch_controller_service_type":{"type":["set","string"],"description_kind":"plain","optional":true,"computed":true},"tertiary_secret":{"type":["set","string"],"description_kind":"plain","optional":true,"computed":true,"sensitive":true},"tertiary_server":{"type":"string","description_kind":"plain","optional":true,"computed":true},"timeout":{"type":"number","description_kind":"plain","optional":true,"computed":true},"use_management_vdom":{"type":"string","description_kind":"plain","optional":true,"computed":true},"username_case_sensitive":{"type":"string","description_kind":"plain","optional":true,"computed":true}},"block_types":{"accounting_server":{"nesting_mode":"list","block":{"attributes":{"id":{"type":"number","description_kind":"plain","optional":true,"computed":true},"interface":{"type":"string","description_kind":"plain","optional":true,"computed":true},"interface_select_method":{"type":"string","description_kind":"plain","optional":true,"computed":true},"port":{"type":"number","description_kind":"plain","optional":true,"computed":true},"secret":{"type":["set","string"],"description_kind":"plain","optional":true,"computed":true},"server":{"type":"string","description_kind":"plain","optional":true,"computed":true},"source_ip":{"type":"string","description_kind":"plain","optional":true,"computed":true},"status":{"type":"string","description_kind":"plain","optional":true,"computed":true}},"description_kind":"plain"}},"dynamic_mapping":{"nesting_mode":"list","block":{"attributes":{"acct_all_servers":{"type":"string","description_kind":"plain","optional":true,"computed":true},"acct_interim_interval":{"type":"number","description_kind":"plain","optional":true,"computed":true},"all_usergroup":{"type":"string","description_kind":"plain","optional":true,"computed":true},"auth_type":{"type":"string","description_kind":"plain","optional":true,"computed":true},"class":{"type":["set","string"],"description_kind":"plain","optional":true,"computed":true},"dp_carrier_endpoint_attribute":{"type":"string","description_kind":"plain","optional":true,"computed":true},"dp_carrier_endpoint_block_attribute":{"type":"string","description_kind":"plain","optional":true,"computed":true},"dp_context_timeout":{"type":"number","description_kind":"plain","optional":true,"computed":true},"dp_flush_ip_session":{"type":"string","description_kind":"plain","optional":true,"computed":true},"dp_hold_time":{"type":"number","description_kind":"plain","optional":true,"computed":true},"dp_http_header":{"type":"string","description_kind":"plain","optional":true,"computed":true},"dp_http_header_fallback":{"type":"string","description_kind":"plain","optional":true,"computed":true},"dp_http_header_status":{"type":"string","description_kind":"plain","optional":true,"computed":true},"dp_http_header_suppress":{"type":"string","description_kind":"plain","optional":true,"computed":true},"dp_log_dyn_flags":{"type":["set","string"],"description_kind":"plain","optional":true,"computed":true},"dp_log_period":{"type":"number","description_kind":"plain","optional":true,"computed":true},"dp_mem_percent":{"type":"number","description_kind":"plain","optional":true,"computed":true},"dp_profile_attribute":{"type":"string","description_kind":"plain","optional":true,"computed":true},"dp_profile_attribute_key":{"type":"string","description_kind":"plain","optional":true,"computed":true},"dp_radius_response":{"type":"string","description_kind":"plain","optional":true,"computed":true},"dp_radius_server_port":{"type":"number","description_kind":"plain","optional":true,"computed":true},"dp_secret":{"type":["set","string"],"description_kind":"plain","optional":true,"computed":true},"dp_validate_request_secret":{"type":"string","description_kind":"plain","optional":true,"computed":true},"dynamic_profile":{"type":"string","description_kind":"plain","optional":true,"computed":true},"endpoint_translation":{"type":"string","description_kind":"plain","optional":true,"computed":true},"ep_carrier_endpoint_convert_hex":{"type":"string","description_kind":"plain","optional":true,"computed":true},"ep_carrier_endpoint_header":{"type":"string","description_kind":"plain","optional":true,"computed":true},"ep_carrier_endpoint_header_suppress":{"type":"string","description_kind":"plain","optional":true,"computed":true},"ep_carrier_endpoint_prefix":{"type":"string","description_kind":"plain","optional":true,"computed":true},"ep_carrier_endpoint_prefix_range_max":{"type":"number","description_kind":"plain","optional":true,"computed":true},"ep_carrier_endpoint_prefix_range_min":{"type":"number","description_kind":"plain","optional":true,"computed":true},"ep_carrier_endpoint_prefix_string":{"type":"string","description_kind":"plain","optional":true,"computed":true},"ep_carrier_endpoint_source":{"type":"string","description_kind":"plain","optional":true,"computed":true},"ep_ip_header":{"type":"string","description_kind":"plain","optional":true,"computed":true},"ep_ip_header_suppress":{"type":"string","description_kind":"plain","optional":true,"computed":true},"ep_missing_header_fallback":{"type":"string","description_kind":"plain","optional":true,"computed":true},"ep_profile_query_type":{"type":"string","description_kind":"plain","optional":true,"computed":true},"group_override_attr_type":{"type":"string","description_kind":"plain","optional":true,"computed":true},"h3c_compatibility":{"type":"string","description_kind":"plain","optional":true,"computed":true},"interface":{"type":"string","description_kind":"plain","optional":true,"computed":true},"interface_select_method":{"type":"string","description_kind":"plain","optional":true,"computed":true},"nas_ip":{"type":"string","description_kind":"plain","optional":true,"computed":true},"password_encoding":{"type":"string","description_kind":"plain","optional":true,"computed":true},"password_renewal":{"type":"string","description_kind":"plain","optional":true,"computed":true},"radius_coa":{"type":"string","description_kind":"plain","optional":true,"computed":true},"radius_port":{"type":"number","description_kind":"plain","optional":true,"computed":true},"rsso":{"type":"string","description_kind":"plain","optional":true,"computed":true},"rsso_context_timeout":{"type":"number","description_kind":"plain","optional":true,"computed":true},"rsso_endpoint_attribute":{"type":"string","description_kind":"plain","optional":true,"computed":true},"rsso_endpoint_block_attribute":{"type":"string","description_kind":"plain","optional":true,"computed":true},"rsso_ep_one_ip_only":{"type":"string","description_kind":"plain","optional":true,"computed":true},"rsso_flush_ip_session":{"type":"string","description_kind":"plain","optional":true,"computed":true},"rsso_log_flags":{"type":["set","string"],"description_kind":"plain","optional":true,"computed":true},"rsso_log_period":{"type":"number","description_kind":"plain","optional":true,"computed":true},"rsso_radius_response":{"type":"string","description_kind":"plain","optional":true,"computed":true},"rsso_radius_server_port":{"type":"number","description_kind":"plain","optional":true,"computed":true},"rsso_secret":{"type":["set","string"],"description_kind":"plain","optional":true,"computed":true},"rsso_validate_request_secret":{"type":"string","description_kind":"plain","optional":true,"computed":true},"secondary_secret":{"type":["set","string"],"description_kind":"plain","optional":true,"computed":true},"secondary_server":{"type":"string","description_kind":"plain","optional":true,"computed":true},"secret":{"type":["set","string"],"description_kind":"plain","optional":true,"computed":true},"server":{"type":"string","description_kind":"plain","optional":true,"computed":true},"source_ip":{"type":"string","description_kind":"plain","optional":true,"computed":true},"sso_attribute":{"type":"string","description_kind":"plain","optional":true,"computed":true},"sso_attribute_key":{"type":"string","description_kind":"plain","optional":true,"computed":true},"sso_attribute_value_override":{"type":"string","description_kind":"plain","optional":true,"computed":true},"switch_controller_acct_fast_framedip_detect":{"type":"number","description_kind":"plain","optional":true,"computed":true},"switch_controller_service_type":{"type":["set","string"],"description_kind":"plain","optional":true,"computed":true},"tertiary_secret":{"type":["set","string"],"description_kind":"plain","optional":true,"computed":true},"tertiary_server":{"type":"string","description_kind":"plain","optional":true,"computed":true},"timeout":{"type":"number","description_kind":"plain","optional":true,"computed":true},"use_group_for_profile":{"type":"string","description_kind":"plain","optional":true,"computed":true},"use_management_vdom":{"type":"string","description_kind":"plain","optional":true,"computed":true},"username_case_sensitive":{"type":"string","description_kind":"plain","optional":true,"computed":true}},"block_types":{"_scope":{"nesting_mode":"list","block":{"attributes":{"name":{"type":"string","description_kind":"plain","optional":true,"computed":true},"vdom":{"type":"string","description_kind":"plain","optional":true,"computed":true}},"description_kind":"plain"}},"accounting_server":{"nesting_mode":"list","block":{"attributes":{"id":{"type":"number","description_kind":"plain","optional":true,"computed":true},"interface":{"type":"string","description_kind":"plain","optional":true,"computed":true},"interface_select_method":{"type":"string","description_kind":"plain","optional":true,"computed":true},"port":{"type":"number","description_kind":"plain","optional":true,"computed":true},"secret":{"type":["set","string"],"description_kind":"plain","optional":true,"computed":true},"server":{"type":"string","description_kind":"plain","optional":true,"computed":true},"source_ip":{"type":"string","description_kind":"plain","optional":true,"computed":true},"status":{"type":"string","description_kind":"plain","optional":true,"computed":true}},"description_kind":"plain"}}},"description_kind":"plain"}}},"description_kind":"plain"}},"fortimanager_object_user_saml":{"version":0,"block":{"attributes":{"adfs_claim":{"type":"string","description_kind":"plain","optional":true,"computed":true},"adom":{"type":"string","description_kind":"plain","optional":true},"cert":{"type":"string","description_kind":"plain","optional":true,"computed":true},"digest_method":{"type":"string","description_kind":"plain","optional":true,"computed":true},"entity_id":{"type":"string","description_kind":"plain","optional":true,"computed":true},"group_claim_type":{"type":"string","description_kind":"plain","optional":true,"computed":true},"group_name":{"type":"string","description_kind":"plain","optional":true,"computed":true},"id":{"type":"string","description_kind":"plain","optional":true,"computed":true},"idp_cert":{"type":"string","description_kind":"plain","optional":true,"computed":true},"idp_entity_id":{"type":"string","description_kind":"plain","optional":true,"computed":true},"idp_single_logout_url":{"type":"string","description_kind":"plain","optional":true,"computed":true},"idp_single_sign_on_url":{"type":"string","description_kind":"plain","optional":true,"computed":true},"limit_relaystate":{"type":"string","description_kind":"plain","optional":true,"computed":true},"name":{"type":"string","description_kind":"plain","optional":true,"computed":true},"scopetype":{"type":"string","description_kind":"plain","optional":true},"single_logout_url":{"type":"string","description_kind":"plain","optional":true,"computed":true},"single_sign_on_url":{"type":"string","description_kind":"plain","optional":true,"computed":true},"user_claim_type":{"type":"string","description_kind":"plain","optional":true,"computed":true},"user_name":{"type":"string","description_kind":"plain","optional":true,"computed":true}},"description_kind":"plain"}},"fortimanager_object_user_securityexemptlist":{"version":0,"block":{"attributes":{"adom":{"type":"string","description_kind":"plain","optional":true},"description":{"type":"string","description_kind":"plain","optional":true,"computed":true},"dynamic_sort_subtable":{"type":"string","description_kind":"plain","optional":true},"id":{"type":"string","description_kind":"plain","optional":true,"computed":true},"name":{"type":"string","description_kind":"plain","optional":true,"computed":true},"scopetype":{"type":"string","description_kind":"plain","optional":true}},"block_types":{"rule":{"nesting_mode":"list","block":{"attributes":{"dstaddr":{"type":"string","description_kind":"plain","optional":true,"computed":true},"id":{"type":"number","description_kind":"plain","optional":true,"computed":true},"service":{"type":"string","description_kind":"plain","optional":true,"computed":true},"srcaddr":{"type":"string","description_kind":"plain","optional":true,"computed":true}},"description_kind":"plain"}}},"description_kind":"plain"}},"fortimanager_object_user_tacacs":{"version":0,"block":{"attributes":{"adom":{"type":"string","description_kind":"plain","optional":true},"authen_type":{"type":"string","description_kind":"plain","optional":true,"computed":true},"authorization":{"type":"string","description_kind":"plain","optional":true,"computed":true},"dynamic_sort_subtable":{"type":"string","description_kind":"plain","optional":true},"id":{"type":"string","description_kind":"plain","optional":true,"computed":true},"interface":{"type":"string","description_kind":"plain","optional":true,"computed":true},"interface_select_method":{"type":"string","description_kind":"plain","optional":true,"computed":true},"key":{"type":["set","string"],"description_kind":"plain","optional":true,"computed":true},"name":{"type":"string","description_kind":"plain","optional":true,"computed":true},"port":{"type":"number","description_kind":"plain","optional":true,"computed":true},"scopetype":{"type":"string","description_kind":"plain","optional":true},"secondary_key":{"type":["set","string"],"description_kind":"plain","optional":true,"computed":true},"secondary_server":{"type":"string","description_kind":"plain","optional":true,"computed":true},"server":{"type":"string","description_kind":"plain","optional":true,"computed":true},"source_ip":{"type":"string","description_kind":"plain","optional":true,"computed":true},"tertiary_key":{"type":["set","string"],"description_kind":"plain","optional":true,"computed":true},"tertiary_server":{"type":"string","description_kind":"plain","optional":true,"computed":true}},"block_types":{"dynamic_mapping":{"nesting_mode":"list","block":{"attributes":{"authen_type":{"type":"string","description_kind":"plain","optional":true,"computed":true},"authorization":{"type":"string","description_kind":"plain","optional":true,"computed":true},"interface":{"type":"string","description_kind":"plain","optional":true,"computed":true},"interface_select_method":{"type":"string","description_kind":"plain","optional":true,"computed":true},"key":{"type":["set","string"],"description_kind":"plain","optional":true,"computed":true},"port":{"type":"number","description_kind":"plain","optional":true,"computed":true},"secondary_key":{"type":["set","string"],"description_kind":"plain","optional":true,"computed":true},"secondary_server":{"type":"string","description_kind":"plain","optional":true,"computed":true},"server":{"type":"string","description_kind":"plain","optional":true,"computed":true},"source_ip":{"type":"string","description_kind":"plain","optional":true,"computed":true},"tertiary_key":{"type":["set","string"],"description_kind":"plain","optional":true,"computed":true},"tertiary_server":{"type":"string","description_kind":"plain","optional":true,"computed":true}},"block_types":{"_scope":{"nesting_mode":"list","block":{"attributes":{"name":{"type":"string","description_kind":"plain","optional":true,"computed":true},"vdom":{"type":"string","description_kind":"plain","optional":true,"computed":true}},"description_kind":"plain"}}},"description_kind":"plain"}}},"description_kind":"plain"}},"fortimanager_object_user_vcenter":{"version":0,"block":{"attributes":{"adom":{"type":"string","description_kind":"plain","optional":true},"dynamic_sort_subtable":{"type":"string","description_kind":"plain","optional":true},"id":{"type":"string","description_kind":"plain","optional":true,"computed":true},"name":{"type":"string","description_kind":"plain","optional":true,"computed":true},"password":{"type":["set","string"],"description_kind":"plain","optional":true,"computed":true},"scopetype":{"type":"string","description_kind":"plain","optional":true},"server":{"type":"string","description_kind":"plain","optional":true,"computed":true},"status":{"type":"string","description_kind":"plain","optional":true,"computed":true},"upd_interval":{"type":"number","description_kind":"plain","optional":true,"computed":true},"user":{"type":"string","description_kind":"plain","optional":true,"computed":true}},"block_types":{"rule":{"nesting_mode":"list","block":{"attributes":{"name":{"type":"string","description_kind":"plain","optional":true,"computed":true},"rule":{"type":"string","description_kind":"plain","optional":true,"computed":true}},"description_kind":"plain"}}},"description_kind":"plain"}},"fortimanager_object_videofilter_profile":{"version":0,"block":{"attributes":{"adom":{"type":"string","description_kind":"plain","optional":true},"comment":{"type":"string","description_kind":"plain","optional":true,"computed":true},"dailymotion":{"type":"string","description_kind":"plain","optional":true,"computed":true},"id":{"type":"string","description_kind":"plain","optional":true,"computed":true},"name":{"type":"string","description_kind":"plain","optional":true,"computed":true},"scopetype":{"type":"string","description_kind":"plain","optional":true},"vimeo":{"type":"string","description_kind":"plain","optional":true,"computed":true},"vimeo_restrict":{"type":"string","description_kind":"plain","optional":true,"computed":true},"youtube":{"type":"string","description_kind":"plain","optional":true,"computed":true},"youtube_channel_filter":{"type":"string","description_kind":"plain","optional":true,"computed":true},"youtube_restrict":{"type":"string","description_kind":"plain","optional":true,"computed":true}},"block_types":{"fortiguard_category":{"nesting_mode":"list","block":{"block_types":{"filters":{"nesting_mode":"list","block":{"attributes":{"action":{"type":"string","description_kind":"plain","optional":true,"computed":true},"category_id":{"type":"number","description_kind":"plain","optional":true,"computed":true},"id":{"type":"number","description_kind":"plain","optional":true,"computed":true},"log":{"type":"string","description_kind":"plain","optional":true,"computed":true}},"description_kind":"plain"}}},"description_kind":"plain"},"max_items":1}},"description_kind":"plain"}},"fortimanager_object_videofilter_youtubechannelfilter":{"version":0,"block":{"attributes":{"adom":{"type":"string","description_kind":"plain","optional":true},"comment":{"type":"string","description_kind":"plain","optional":true,"computed":true},"dynamic_sort_subtable":{"type":"string","description_kind":"plain","optional":true},"fosid":{"type":"number","description_kind":"plain","optional":true,"computed":true},"id":{"type":"string","description_kind":"plain","optional":true,"computed":true},"name":{"type":"string","description_kind":"plain","optional":true,"computed":true},"scopetype":{"type":"string","description_kind":"plain","optional":true}},"block_types":{"entries":{"nesting_mode":"list","block":{"attributes":{"action":{"type":"string","description_kind":"plain","optional":true,"computed":true},"channel_id":{"type":"string","description_kind":"plain","optional":true,"computed":true},"comment":{"type":"string","description_kind":"plain","optional":true,"computed":true},"id":{"type":"number","description_kind":"plain","optional":true,"computed":true}},"description_kind":"plain"}}},"description_kind":"plain"}},"fortimanager_object_voip_profile":{"version":0,"block":{"attributes":{"adom":{"type":"string","description_kind":"plain","optional":true},"comment":{"type":"string","description_kind":"plain","optional":true,"computed":true},"feature_set":{"type":"string","description_kind":"plain","optional":true,"computed":true},"id":{"type":"string","description_kind":"plain","optional":true,"computed":true},"name":{"type":"string","description_kind":"plain","optional":true,"computed":true},"scopetype":{"type":"string","description_kind":"plain","optional":true}},"block_types":{"sccp":{"nesting_mode":"list","block":{"attributes":{"block_mcast":{"type":"string","description_kind":"plain","optional":true,"computed":true},"log_call_summary":{"type":"string","description_kind":"plain","optional":true,"computed":true},"log_violations":{"type":"string","description_kind":"plain","optional":true,"computed":true},"max_calls":{"type":"number","description_kind":"plain","optional":true,"computed":true},"status":{"type":"string","description_kind":"plain","optional":true,"computed":true},"verify_header":{"type":"string","description_kind":"plain","optional":true,"computed":true}},"description_kind":"plain"},"max_items":1},"sip":{"nesting_mode":"list","block":{"attributes":{"ack_rate":{"type":"number","description_kind":"plain","optional":true,"computed":true},"ack_rate_track":{"type":"string","description_kind":"plain","optional":true,"computed":true},"block_ack":{"type":"string","description_kind":"plain","optional":true,"computed":true},"block_bye":{"type":"string","description_kind":"plain","optional":true,"computed":true},"block_cancel":{"type":"string","description_kind":"plain","optional":true,"computed":true},"block_geo_red_options":{"type":"string","description_kind":"plain","optional":true,"computed":true},"block_info":{"type":"string","description_kind":"plain","optional":true,"computed":true},"block_invite":{"type":"string","description_kind":"plain","optional":true,"computed":true},"block_long_lines":{"type":"string","description_kind":"plain","optional":true,"computed":true},"block_message":{"type":"string","description_kind":"plain","optional":true,"computed":true},"block_notify":{"type":"string","description_kind":"plain","optional":true,"computed":true},"block_options":{"type":"string","description_kind":"plain","optional":true,"computed":true},"block_prack":{"type":"string","description_kind":"plain","optional":true,"computed":true},"block_publish":{"type":"string","description_kind":"plain","optional":true,"computed":true},"block_refer":{"type":"string","description_kind":"plain","optional":true,"computed":true},"block_register":{"type":"string","description_kind":"plain","optional":true,"computed":true},"block_subscribe":{"type":"string","description_kind":"plain","optional":true,"computed":true},"block_unknown":{"type":"string","description_kind":"plain","optional":true,"computed":true},"block_update":{"type":"string","description_kind":"plain","optional":true,"computed":true},"bye_rate":{"type":"number","description_kind":"plain","optional":true,"computed":true},"bye_rate_track":{"type":"string","description_kind":"plain","optional":true,"computed":true},"call_keepalive":{"type":"number","description_kind":"plain","optional":true,"computed":true},"cancel_rate":{"type":"number","description_kind":"plain","optional":true,"computed":true},"cancel_rate_track":{"type":"string","description_kind":"plain","optional":true,"computed":true},"contact_fixup":{"type":"string","description_kind":"plain","optional":true,"computed":true},"hnt_restrict_source_ip":{"type":"string","description_kind":"plain","optional":true,"computed":true},"hosted_nat_traversal":{"type":"string","description_kind":"plain","optional":true,"computed":true},"info_rate":{"type":"number","description_kind":"plain","optional":true,"computed":true},"info_rate_track":{"type":"string","description_kind":"plain","optional":true,"computed":true},"invite_rate":{"type":"number","description_kind":"plain","optional":true,"computed":true},"invite_rate_track":{"type":"string","description_kind":"plain","optional":true,"computed":true},"ips_rtp":{"type":"string","description_kind":"plain","optional":true,"computed":true},"log_call_summary":{"type":"string","description_kind":"plain","optional":true,"computed":true},"log_violations":{"type":"string","description_kind":"plain","optional":true,"computed":true},"malformed_header_allow":{"type":"string","description_kind":"plain","optional":true,"computed":true},"malformed_header_call_id":{"type":"string","description_kind":"plain","optional":true,"computed":true},"malformed_header_contact":{"type":"string","description_kind":"plain","optional":true,"computed":true},"malformed_header_content_length":{"type":"string","description_kind":"plain","optional":true,"computed":true},"malformed_header_content_type":{"type":"string","description_kind":"plain","optional":true,"computed":true},"malformed_header_cseq":{"type":"string","description_kind":"plain","optional":true,"computed":true},"malformed_header_expires":{"type":"string","description_kind":"plain","optional":true,"computed":true},"malformed_header_from":{"type":"string","description_kind":"plain","optional":true,"computed":true},"malformed_header_max_forwards":{"type":"string","description_kind":"plain","optional":true,"computed":true},"malformed_header_no_proxy_require":{"type":"string","description_kind":"plain","optional":true,"computed":true},"malformed_header_no_require":{"type":"string","description_kind":"plain","optional":true,"computed":true},"malformed_header_p_asserted_identity":{"type":"string","description_kind":"plain","optional":true,"computed":true},"malformed_header_rack":{"type":"string","description_kind":"plain","optional":true,"computed":true},"malformed_header_record_route":{"type":"string","description_kind":"plain","optional":true,"computed":true},"malformed_header_route":{"type":"string","description_kind":"plain","optional":true,"computed":true},"malformed_header_rseq":{"type":"string","description_kind":"plain","optional":true,"computed":true},"malformed_header_sdp_a":{"type":"string","description_kind":"plain","optional":true,"computed":true},"malformed_header_sdp_b":{"type":"string","description_kind":"plain","optional":true,"computed":true},"malformed_header_sdp_c":{"type":"string","description_kind":"plain","optional":true,"computed":true},"malformed_header_sdp_i":{"type":"string","description_kind":"plain","optional":true,"computed":true},"malformed_header_sdp_k":{"type":"string","description_kind":"plain","optional":true,"computed":true},"malformed_header_sdp_m":{"type":"string","description_kind":"plain","optional":true,"computed":true},"malformed_header_sdp_o":{"type":"string","description_kind":"plain","optional":true,"computed":true},"malformed_header_sdp_r":{"type":"string","description_kind":"plain","optional":true,"computed":true},"malformed_header_sdp_s":{"type":"string","description_kind":"plain","optional":true,"computed":true},"malformed_header_sdp_t":{"type":"string","description_kind":"plain","optional":true,"computed":true},"malformed_header_sdp_v":{"type":"string","description_kind":"plain","optional":true,"computed":true},"malformed_header_sdp_z":{"type":"string","description_kind":"plain","optional":true,"computed":true},"malformed_header_to":{"type":"string","description_kind":"plain","optional":true,"computed":true},"malformed_header_via":{"type":"string","description_kind":"plain","optional":true,"computed":true},"malformed_request_line":{"type":"string","description_kind":"plain","optional":true,"computed":true},"max_body_length":{"type":"number","description_kind":"plain","optional":true,"computed":true},"max_dialogs":{"type":"number","description_kind":"plain","optional":true,"computed":true},"max_idle_dialogs":{"type":"number","description_kind":"plain","optional":true,"computed":true},"max_line_length":{"type":"number","description_kind":"plain","optional":true,"computed":true},"message_rate":{"type":"number","description_kind":"plain","optional":true,"computed":true},"message_rate_track":{"type":"string","description_kind":"plain","optional":true,"computed":true},"nat_port_range":{"type":"string","description_kind":"plain","optional":true,"computed":true},"nat_trace":{"type":"string","description_kind":"plain","optional":true,"computed":true},"no_sdp_fixup":{"type":"string","description_kind":"plain","optional":true,"computed":true},"notify_rate":{"type":"number","description_kind":"plain","optional":true,"computed":true},"notify_rate_track":{"type":"string","description_kind":"plain","optional":true,"computed":true},"open_contact_pinhole":{"type":"string","description_kind":"plain","optional":true,"computed":true},"open_record_route_pinhole":{"type":"string","description_kind":"plain","optional":true,"computed":true},"open_register_pinhole":{"type":"string","description_kind":"plain","optional":true,"computed":true},"open_via_pinhole":{"type":"string","description_kind":"plain","optional":true,"computed":true},"options_rate":{"type":"number","description_kind":"plain","optional":true,"computed":true},"options_rate_track":{"type":"string","description_kind":"plain","optional":true,"computed":true},"prack_rate":{"type":"number","description_kind":"plain","optional":true,"computed":true},"prack_rate_track":{"type":"string","description_kind":"plain","optional":true,"computed":true},"preserve_override":{"type":"string","description_kind":"plain","optional":true,"computed":true},"provisional_invite_expiry_time":{"type":"number","description_kind":"plain","optional":true,"computed":true},"publish_rate":{"type":"number","description_kind":"plain","optional":true,"computed":true},"publish_rate_track":{"type":"string","description_kind":"plain","optional":true,"computed":true},"refer_rate":{"type":"number","description_kind":"plain","optional":true,"computed":true},"refer_rate_track":{"type":"string","description_kind":"plain","optional":true,"computed":true},"register_contact_trace":{"type":"string","description_kind":"plain","optional":true,"computed":true},"register_rate":{"type":"number","description_kind":"plain","optional":true,"computed":true},"register_rate_track":{"type":"string","description_kind":"plain","optional":true,"computed":true},"rfc2543_branch":{"type":"string","description_kind":"plain","optional":true,"computed":true},"rtp":{"type":"string","description_kind":"plain","optional":true,"computed":true},"ssl_algorithm":{"type":"string","description_kind":"plain","optional":true,"computed":true},"ssl_auth_client":{"type":"string","description_kind":"plain","optional":true,"computed":true},"ssl_auth_server":{"type":"string","description_kind":"plain","optional":true,"computed":true},"ssl_client_certificate":{"type":"string","description_kind":"plain","optional":true,"computed":true},"ssl_client_renegotiation":{"type":"string","description_kind":"plain","optional":true,"computed":true},"ssl_max_version":{"type":"string","description_kind":"plain","optional":true,"computed":true},"ssl_min_version":{"type":"string","description_kind":"plain","optional":true,"computed":true},"ssl_mode":{"type":"string","description_kind":"plain","optional":true,"computed":true},"ssl_pfs":{"type":"string","description_kind":"plain","optional":true,"computed":true},"ssl_send_empty_frags":{"type":"string","description_kind":"plain","optional":true,"computed":true},"ssl_server_certificate":{"type":"string","description_kind":"plain","optional":true,"computed":true},"status":{"type":"string","description_kind":"plain","optional":true,"computed":true},"strict_register":{"type":"string","description_kind":"plain","optional":true,"computed":true},"subscribe_rate":{"type":"number","description_kind":"plain","optional":true,"computed":true},"subscribe_rate_track":{"type":"string","description_kind":"plain","optional":true,"computed":true},"unknown_header":{"type":"string","description_kind":"plain","optional":true,"computed":true},"update_rate":{"type":"number","description_kind":"plain","optional":true,"computed":true},"update_rate_track":{"type":"string","description_kind":"plain","optional":true,"computed":true}},"description_kind":"plain"},"max_items":1}},"description_kind":"plain"}},"fortimanager_object_vpn_certificate_ca":{"version":0,"block":{"attributes":{"_private_key":{"type":"string","description_kind":"plain","optional":true,"computed":true},"adom":{"type":"string","description_kind":"plain","optional":true},"auto_update_days":{"type":"number","description_kind":"plain","optional":true,"computed":true},"auto_update_days_warning":{"type":"number","description_kind":"plain","optional":true,"computed":true},"ca":{"type":"string","description_kind":"plain","optional":true,"computed":true},"id":{"type":"string","description_kind":"plain","optional":true,"computed":true},"last_updated":{"type":"number","description_kind":"plain","optional":true,"computed":true},"name":{"type":"string","description_kind":"plain","optional":true,"computed":true},"range":{"type":"string","description_kind":"plain","optional":true,"computed":true},"scep_url":{"type":"string","description_kind":"plain","optional":true,"computed":true},"scopetype":{"type":"string","description_kind":"plain","optional":true},"source":{"type":"string","description_kind":"plain","optional":true,"computed":true},"source_ip":{"type":"string","description_kind":"plain","optional":true,"computed":true},"ssl_inspection_trusted":{"type":"string","description_kind":"plain","optional":true,"computed":true}},"description_kind":"plain"}},"fortimanager_object_vpn_certificate_ocspserver":{"version":0,"block":{"attributes":{"adom":{"type":"string","description_kind":"plain","optional":true},"cert":{"type":"string","description_kind":"plain","optional":true,"computed":true},"id":{"type":"string","description_kind":"plain","optional":true,"computed":true},"name":{"type":"string","description_kind":"plain","optional":true,"computed":true},"scopetype":{"type":"string","description_kind":"plain","optional":true},"secondary_cert":{"type":"string","description_kind":"plain","optional":true,"computed":true},"secondary_url":{"type":"string","description_kind":"plain","optional":true,"computed":true},"source_ip":{"type":"string","description_kind":"plain","optional":true,"computed":true},"unavail_action":{"type":"string","description_kind":"plain","optional":true,"computed":true},"url":{"type":"string","description_kind":"plain","optional":true,"computed":true}},"description_kind":"plain"}},"fortimanager_object_vpn_certificate_remote":{"version":0,"block":{"attributes":{"adom":{"type":"string","description_kind":"plain","optional":true},"id":{"type":"string","description_kind":"plain","optional":true,"computed":true},"name":{"type":"string","description_kind":"plain","optional":true,"computed":true},"range":{"type":"string","description_kind":"plain","optional":true,"computed":true},"remote":{"type":"string","description_kind":"plain","optional":true,"computed":true},"scopetype":{"type":"string","description_kind":"plain","optional":true},"source":{"type":"string","description_kind":"plain","optional":true,"computed":true}},"description_kind":"plain"}},"fortimanager_object_vpn_ssl_web_hostchecksoftware":{"version":0,"block":{"attributes":{"adom":{"type":"string","description_kind":"plain","optional":true},"dynamic_sort_subtable":{"type":"string","description_kind":"plain","optional":true},"guid":{"type":"string","description_kind":"plain","optional":true,"computed":true},"id":{"type":"string","description_kind":"plain","optional":true,"computed":true},"name":{"type":"string","description_kind":"plain","optional":true,"computed":true},"os_type":{"type":"string","description_kind":"plain","optional":true,"computed":true},"scopetype":{"type":"string","description_kind":"plain","optional":true},"type":{"type":"string","description_kind":"plain","optional":true,"computed":true},"version":{"type":"string","description_kind":"plain","optional":true,"computed":true}},"block_types":{"check_item_list":{"nesting_mode":"list","block":{"attributes":{"action":{"type":"string","description_kind":"plain","optional":true,"computed":true},"id":{"type":"number","description_kind":"plain","optional":true,"computed":true},"md5s":{"type":["set","string"],"description_kind":"plain","optional":true,"computed":true},"target":{"type":"string","description_kind":"plain","optional":true,"computed":true},"type":{"type":"string","description_kind":"plain","optional":true,"computed":true},"version":{"type":"string","description_kind":"plain","optional":true,"computed":true}},"description_kind":"plain"}}},"description_kind":"plain"}},"fortimanager_object_vpn_ssl_web_portal":{"version":0,"block":{"attributes":{"adom":{"type":"string","description_kind":"plain","optional":true},"allow_user_access":{"type":["set","string"],"description_kind":"plain","optional":true,"computed":true},"auto_connect":{"type":"string","description_kind":"plain","optional":true,"computed":true},"custom_lang":{"type":"string","description_kind":"plain","optional":true,"computed":true},"customize_forticlient_download_url":{"type":"string","description_kind":"plain","optional":true,"computed":true},"display_bookmark":{"type":"string","description_kind":"plain","optional":true,"computed":true},"display_connection_tools":{"type":"string","description_kind":"plain","optional":true,"computed":true},"display_history":{"type":"string","description_kind":"plain","optional":true,"computed":true},"display_status":{"type":"string","description_kind":"plain","optional":true,"computed":true},"dns_server1":{"type":"string","description_kind":"plain","optional":true,"computed":true},"dns_server2":{"type":"string","description_kind":"plain","optional":true,"computed":true},"dns_suffix":{"type":"string","description_kind":"plain","optional":true,"computed":true},"dynamic_sort_subtable":{"type":"string","description_kind":"plain","optional":true},"exclusive_routing":{"type":"string","description_kind":"plain","optional":true,"computed":true},"forticlient_download":{"type":"string","description_kind":"plain","optional":true,"computed":true},"forticlient_download_method":{"type":"string","description_kind":"plain","optional":true,"computed":true},"heading":{"type":"string","description_kind":"plain","optional":true,"computed":true},"hide_sso_credential":{"type":"string","description_kind":"plain","optional":true,"computed":true},"host_check":{"type":"string","description_kind":"plain","optional":true,"computed":true},"host_check_interval":{"type":"number","description_kind":"plain","optional":true,"computed":true},"host_check_policy":{"type":"string","description_kind":"plain","optional":true,"computed":true},"id":{"type":"string","description_kind":"plain","optional":true,"computed":true},"ip_mode":{"type":"string","description_kind":"plain","optional":true,"computed":true},"ip_pools":{"type":"string","description_kind":"plain","optional":true,"computed":true},"ipv6_dns_server1":{"type":"string","description_kind":"plain","optional":true,"computed":true},"ipv6_dns_server2":{"type":"string","description_kind":"plain","optional":true,"computed":true},"ipv6_exclusive_routing":{"type":"string","description_kind":"plain","optional":true,"computed":true},"ipv6_pools":{"type":"string","description_kind":"plain","optional":true,"computed":true},"ipv6_service_restriction":{"type":"string","description_kind":"plain","optional":true,"computed":true},"ipv6_split_tunneling":{"type":"string","description_kind":"plain","optional":true,"computed":true},"ipv6_split_tunneling_routing_address":{"type":["list","string"],"description_kind":"plain","optional":true,"computed":true},"ipv6_split_tunneling_routing_negate":{"type":"string","description_kind":"plain","optional":true,"computed":true},"ipv6_tunnel_mode":{"type":"string","description_kind":"plain","optional":true,"computed":true},"ipv6_wins_server1":{"type":"string","description_kind":"plain","optional":true,"computed":true},"ipv6_wins_server2":{"type":"string","description_kind":"plain","optional":true,"computed":true},"keep_alive":{"type":"string","description_kind":"plain","optional":true,"computed":true},"limit_user_logins":{"type":"string","description_kind":"plain","optional":true,"computed":true},"mac_addr_action":{"type":"string","description_kind":"plain","optional":true,"computed":true},"mac_addr_check":{"type":"string","description_kind":"plain","optional":true,"computed":true},"macos_forticlient_download_url":{"type":"string","description_kind":"plain","optional":true,"computed":true},"name":{"type":"string","description_kind":"plain","optional":true,"computed":true},"os_check":{"type":"string","description_kind":"plain","optional":true,"computed":true},"prefer_ipv6_dns":{"type":"string","description_kind":"plain","optional":true,"computed":true},"redir_url":{"type":"string","description_kind":"plain","optional":true,"computed":true},"rewrite_ip_uri_ui":{"type":"string","description_kind":"plain","optional":true,"computed":true},"save_password":{"type":"string","description_kind":"plain","optional":true,"computed":true},"scopetype":{"type":"string","description_kind":"plain","optional":true},"service_restriction":{"type":"string","description_kind":"plain","optional":true,"computed":true},"skip_check_for_browser":{"type":"string","description_kind":"plain","optional":true,"computed":true},"skip_check_for_unsupported_os":{"type":"string","description_kind":"plain","optional":true,"computed":true},"smb_max_version":{"type":"string","description_kind":"plain","optional":true,"computed":true},"smb_min_version":{"type":"string","description_kind":"plain","optional":true,"computed":true},"smb_ntlmv1_auth":{"type":"string","description_kind":"plain","optional":true,"computed":true},"smbv1":{"type":"string","description_kind":"plain","optional":true,"computed":true},"split_tunneling":{"type":"string","description_kind":"plain","optional":true,"computed":true},"split_tunneling_routing_address":{"type":["list","string"],"description_kind":"plain","optional":true,"computed":true},"split_tunneling_routing_negate":{"type":"string","description_kind":"plain","optional":true,"computed":true},"theme":{"type":"string","description_kind":"plain","optional":true,"computed":true},"transform_backward_slashes":{"type":"string","description_kind":"plain","optional":true,"computed":true},"tunnel_mode":{"type":"string","description_kind":"plain","optional":true,"computed":true},"use_sdwan":{"type":"string","description_kind":"plain","optional":true,"computed":true},"user_bookmark":{"type":"string","description_kind":"plain","optional":true,"computed":true},"user_group_bookmark":{"type":"string","description_kind":"plain","optional":true,"computed":true},"web_mode":{"type":"string","description_kind":"plain","optional":true,"computed":true},"windows_forticlient_download_url":{"type":"string","description_kind":"plain","optional":true,"computed":true},"wins_server1":{"type":"string","description_kind":"plain","optional":true,"computed":true},"wins_server2":{"type":"string","description_kind":"plain","optional":true,"computed":true}},"block_types":{"bookmark_group":{"nesting_mode":"list","block":{"attributes":{"name":{"type":"string","description_kind":"plain","optional":true,"computed":true}},"block_types":{"bookmarks":{"nesting_mode":"list","block":{"attributes":{"additional_params":{"type":"string","description_kind":"plain","optional":true,"computed":true},"apptype":{"type":"string","description_kind":"plain","optional":true,"computed":true},"description":{"type":"string","description_kind":"plain","optional":true,"computed":true},"domain":{"type":"string","description_kind":"plain","optional":true,"computed":true},"folder":{"type":"string","description_kind":"plain","optional":true,"computed":true},"host":{"type":"string","description_kind":"plain","optional":true,"computed":true},"listening_port":{"type":"number","description_kind":"plain","optional":true,"computed":true},"load_balancing_info":{"type":"string","description_kind":"plain","optional":true,"computed":true},"logon_password":{"type":["set","string"],"description_kind":"plain","optional":true,"computed":true},"logon_user":{"type":"string","description_kind":"plain","optional":true,"computed":true},"name":{"type":"string","description_kind":"plain","optional":true,"computed":true},"port":{"type":"number","description_kind":"plain","optional":true,"computed":true},"preconnection_blob":{"type":"string","description_kind":"plain","optional":true,"computed":true},"preconnection_id":{"type":"number","description_kind":"plain","optional":true,"computed":true},"remote_port":{"type":"number","description_kind":"plain","optional":true,"computed":true},"security":{"type":"string","description_kind":"plain","optional":true,"computed":true},"server_layout":{"type":"string","description_kind":"plain","optional":true,"computed":true},"show_status_window":{"type":"string","description_kind":"plain","optional":true,"computed":true},"sso":{"type":"string","description_kind":"plain","optional":true,"computed":true},"sso_credential":{"type":"string","description_kind":"plain","optional":true,"computed":true},"sso_credential_sent_once":{"type":"string","description_kind":"plain","optional":true,"computed":true},"sso_password":{"type":["set","string"],"description_kind":"plain","optional":true,"computed":true},"sso_username":{"type":"string","description_kind":"plain","optional":true,"computed":true},"url":{"type":"string","description_kind":"plain","optional":true,"computed":true}},"block_types":{"form_data":{"nesting_mode":"list","block":{"attributes":{"name":{"type":"string","description_kind":"plain","optional":true,"computed":true},"value":{"type":"string","description_kind":"plain","optional":true,"computed":true}},"description_kind":"plain"}}},"description_kind":"plain"}}},"description_kind":"plain"}},"mac_addr_check_rule":{"nesting_mode":"list","block":{"attributes":{"mac_addr_list":{"type":["set","string"],"description_kind":"plain","optional":true,"computed":true},"mac_addr_mask":{"type":"number","description_kind":"plain","optional":true,"computed":true},"name":{"type":"string","description_kind":"plain","optional":true,"computed":true}},"description_kind":"plain"}},"os_check_list":{"nesting_mode":"list","block":{"attributes":{"action":{"type":"string","description_kind":"plain","optional":true,"computed":true},"latest_patch_level":{"type":"string","description_kind":"plain","optional":true,"computed":true},"name":{"type":"string","description_kind":"plain","optional":true,"computed":true},"tolerance":{"type":"number","description_kind":"plain","optional":true,"computed":true}},"description_kind":"plain"},"max_items":1},"split_dns":{"nesting_mode":"list","block":{"attributes":{"dns_server1":{"type":"string","description_kind":"plain","optional":true,"computed":true},"dns_server2":{"type":"string","description_kind":"plain","optional":true,"computed":true},"domains":{"type":"string","description_kind":"plain","optional":true,"computed":true},"id":{"type":"number","description_kind":"plain","optional":true,"computed":true},"ipv6_dns_server1":{"type":"string","description_kind":"plain","optional":true,"computed":true},"ipv6_dns_server2":{"type":"string","description_kind":"plain","optional":true,"computed":true}},"description_kind":"plain"}}},"description_kind":"plain"}},"fortimanager_object_vpn_ssl_web_realm":{"version":0,"block":{"attributes":{"adom":{"type":"string","description_kind":"plain","optional":true},"id":{"type":"string","description_kind":"plain","optional":true,"computed":true},"login_page":{"type":"string","description_kind":"plain","optional":true,"computed":true},"max_concurrent_user":{"type":"number","description_kind":"plain","optional":true,"computed":true},"nas_ip":{"type":"string","description_kind":"plain","optional":true,"computed":true},"radius_port":{"type":"number","description_kind":"plain","optional":true,"computed":true},"radius_server":{"type":"string","description_kind":"plain","optional":true,"computed":true},"scopetype":{"type":"string","description_kind":"plain","optional":true},"url_path":{"type":"string","description_kind":"plain","optional":true,"computed":true},"virtual_host":{"type":"string","description_kind":"plain","optional":true,"computed":true},"virtual_host_only":{"type":"string","description_kind":"plain","optional":true,"computed":true}},"description_kind":"plain"}},"fortimanager_object_vpnmgr_node":{"version":0,"block":{"attributes":{"add_route":{"type":"string","description_kind":"plain","optional":true,"computed":true},"adom":{"type":"string","description_kind":"plain","optional":true},"assign_ip":{"type":"string","description_kind":"plain","optional":true,"computed":true},"assign_ip_from":{"type":"string","description_kind":"plain","optional":true,"computed":true},"authpasswd":{"type":["set","string"],"description_kind":"plain","optional":true,"computed":true},"authusr":{"type":"string","description_kind":"plain","optional":true,"computed":true},"authusrgrp":{"type":"string","description_kind":"plain","optional":true,"computed":true},"auto_configuration":{"type":"string","description_kind":"plain","optional":true,"computed":true},"automatic_routing":{"type":"string","description_kind":"plain","optional":true,"computed":true},"banner":{"type":"string","description_kind":"plain","optional":true,"computed":true},"default_gateway":{"type":"string","description_kind":"plain","optional":true,"computed":true},"dhcp_server":{"type":"string","description_kind":"plain","optional":true,"computed":true},"dns_mode":{"type":"string","description_kind":"plain","optional":true,"computed":true},"dns_service":{"type":"string","description_kind":"plain","optional":true,"computed":true},"domain":{"type":"string","description_kind":"plain","optional":true,"computed":true},"dynamic_sort_subtable":{"type":"string","description_kind":"plain","optional":true},"exchange_interface_ip":{"type":"string","description_kind":"plain","optional":true,"computed":true},"extgw":{"type":"string","description_kind":"plain","optional":true,"computed":true},"extgw_hubip":{"type":"string","description_kind":"plain","optional":true,"computed":true},"extgw_p2_per_net":{"type":"string","description_kind":"plain","optional":true,"computed":true},"extgwip":{"type":"string","description_kind":"plain","optional":true,"computed":true},"fosid":{"type":"number","description_kind":"plain","optional":true,"computed":true},"hub_iface":{"type":["list","string"],"description_kind":"plain","optional":true,"computed":true},"hub_public_ip":{"type":"string","description_kind":"plain","optional":true,"computed":true},"id":{"type":"string","description_kind":"plain","optional":true,"computed":true},"iface":{"type":["list","string"],"description_kind":"plain","optional":true,"computed":true},"ipsec_lease_hold":{"type":"number","description_kind":"plain","optional":true,"computed":true},"ipv4_dns_server1":{"type":"string","description_kind":"plain","optional":true,"computed":true},"ipv4_dns_server2":{"type":"string","description_kind":"plain","optional":true,"computed":true},"ipv4_dns_server3":{"type":"string","description_kind":"plain","optional":true,"computed":true},"ipv4_end_ip":{"type":"string","description_kind":"plain","optional":true,"computed":true},"ipv4_netmask":{"type":"string","description_kind":"plain","optional":true,"computed":true},"ipv4_split_exclude":{"type":"string","description_kind":"plain","optional":true,"computed":true},"ipv4_split_include":{"type":"string","description_kind":"plain","optional":true,"computed":true},"ipv4_start_ip":{"type":"string","description_kind":"plain","optional":true,"computed":true},"ipv4_wins_server1":{"type":"string","description_kind":"plain","optional":true,"computed":true},"ipv4_wins_server2":{"type":"string","description_kind":"plain","optional":true,"computed":true},"local_gw":{"type":"string","description_kind":"plain","optional":true,"computed":true},"localid":{"type":"string","description_kind":"plain","optional":true,"computed":true},"mode_cfg":{"type":"string","description_kind":"plain","optional":true,"computed":true},"mode_cfg_ip_version":{"type":"string","description_kind":"plain","optional":true,"computed":true},"net_device":{"type":"string","description_kind":"plain","optional":true,"computed":true},"peer":{"type":["list","string"],"description_kind":"plain","optional":true,"computed":true},"peergrp":{"type":"string","description_kind":"plain","optional":true,"computed":true},"peerid":{"type":"string","description_kind":"plain","optional":true,"computed":true},"peertype":{"type":"string","description_kind":"plain","optional":true,"computed":true},"public_ip":{"type":"string","description_kind":"plain","optional":true,"computed":true},"role":{"type":"string","description_kind":"plain","optional":true,"computed":true},"route_overlap":{"type":"string","description_kind":"plain","optional":true,"computed":true},"scopetype":{"type":"string","description_kind":"plain","optional":true},"spoke_zone":{"type":["list","string"],"description_kind":"plain","optional":true,"computed":true},"tunnel_search":{"type":"string","description_kind":"plain","optional":true,"computed":true},"unity_support":{"type":"string","description_kind":"plain","optional":true,"computed":true},"usrgrp":{"type":"string","description_kind":"plain","optional":true,"computed":true},"vpn_interface_priority":{"type":"number","description_kind":"plain","optional":true,"computed":true},"vpn_zone":{"type":["list","string"],"description_kind":"plain","optional":true,"computed":true},"vpntable":{"type":["list","string"],"description_kind":"plain","optional":true,"computed":true},"xauthtype":{"type":"string","description_kind":"plain","optional":true,"computed":true}},"block_types":{"ip_range":{"nesting_mode":"list","block":{"attributes":{"end_ip":{"type":"string","description_kind":"plain","optional":true,"computed":true},"id":{"type":"number","description_kind":"plain","optional":true,"computed":true},"start_ip":{"type":"string","description_kind":"plain","optional":true,"computed":true}},"description_kind":"plain"}},"ipv4_exclude_range":{"nesting_mode":"list","block":{"attributes":{"end_ip":{"type":"string","description_kind":"plain","optional":true,"computed":true},"id":{"type":"number","description_kind":"plain","optional":true,"computed":true},"start_ip":{"type":"string","description_kind":"plain","optional":true,"computed":true}},"description_kind":"plain"}},"protected_subnet":{"nesting_mode":"list","block":{"attributes":{"addr":{"type":"string","description_kind":"plain","optional":true,"computed":true},"seq":{"type":"number","description_kind":"plain","optional":true,"computed":true}},"description_kind":"plain"}},"summary_addr":{"nesting_mode":"list","block":{"attributes":{"addr":{"type":"string","description_kind":"plain","optional":true,"computed":true},"priority":{"type":"number","description_kind":"plain","optional":true,"computed":true},"seq":{"type":"number","description_kind":"plain","optional":true,"computed":true}},"description_kind":"plain"}}},"description_kind":"plain"}},"fortimanager_object_waf_mainclass":{"version":0,"block":{"attributes":{"adom":{"type":"string","description_kind":"plain","optional":true},"fosid":{"type":"number","description_kind":"plain","optional":true,"computed":true},"id":{"type":"string","description_kind":"plain","optional":true,"computed":true},"name":{"type":"string","description_kind":"plain","optional":true,"computed":true},"scopetype":{"type":"string","description_kind":"plain","optional":true}},"description_kind":"plain"}},"fortimanager_object_waf_profile":{"version":0,"block":{"attributes":{"adom":{"type":"string","description_kind":"plain","optional":true},"comment":{"type":"string","description_kind":"plain","optional":true,"computed":true},"dynamic_sort_subtable":{"type":"string","description_kind":"plain","optional":true},"extended_log":{"type":"string","description_kind":"plain","optional":true,"computed":true},"external":{"type":"string","description_kind":"plain","optional":true,"computed":true},"id":{"type":"string","description_kind":"plain","optional":true,"computed":true},"name":{"type":"string","description_kind":"plain","optional":true,"computed":true},"scopetype":{"type":"string","description_kind":"plain","optional":true}},"block_types":{"address_list":{"nesting_mode":"list","block":{"attributes":{"blocked_address":{"type":"string","description_kind":"plain","optional":true,"computed":true},"blocked_log":{"type":"string","description_kind":"plain","optional":true,"computed":true},"severity":{"type":"string","description_kind":"plain","optional":true,"computed":true},"status":{"type":"string","description_kind":"plain","optional":true,"computed":true},"trusted_address":{"type":"string","description_kind":"plain","optional":true,"computed":true}},"description_kind":"plain"},"max_items":1},"constraint":{"nesting_mode":"list","block":{"block_types":{"content_length":{"nesting_mode":"list","block":{"attributes":{"action":{"type":"string","description_kind":"plain","optional":true,"computed":true},"length":{"type":"number","description_kind":"plain","optional":true,"computed":true},"log":{"type":"string","description_kind":"plain","optional":true,"computed":true},"severity":{"type":"string","description_kind":"plain","optional":true,"computed":true},"status":{"type":"string","description_kind":"plain","optional":true,"computed":true}},"description_kind":"plain"},"max_items":1},"exception":{"nesting_mode":"list","block":{"attributes":{"address":{"type":"string","description_kind":"plain","optional":true,"computed":true},"content_length":{"type":"string","description_kind":"plain","optional":true,"computed":true},"header_length":{"type":"string","description_kind":"plain","optional":true,"computed":true},"hostname":{"type":"string","description_kind":"plain","optional":true,"computed":true},"id":{"type":"number","description_kind":"plain","optional":true,"computed":true},"line_length":{"type":"string","description_kind":"plain","optional":true,"computed":true},"malformed":{"type":"string","description_kind":"plain","optional":true,"computed":true},"max_cookie":{"type":"string","description_kind":"plain","optional":true,"computed":true},"max_header_line":{"type":"string","description_kind":"plain","optional":true,"computed":true},"max_range_segment":{"type":"string","description_kind":"plain","optional":true,"computed":true},"max_url_param":{"type":"string","description_kind":"plain","optional":true,"computed":true},"method":{"type":"string","description_kind":"plain","optional":true,"computed":true},"param_length":{"type":"string","description_kind":"plain","optional":true,"computed":true},"pattern":{"type":"string","description_kind":"plain","optional":true,"computed":true},"regex":{"type":"string","description_kind":"plain","optional":true,"computed":true},"url_param_length":{"type":"string","description_kind":"plain","optional":true,"computed":true},"version":{"type":"string","description_kind":"plain","optional":true,"computed":true}},"description_kind":"plain"}},"header_length":{"nesting_mode":"list","block":{"attributes":{"action":{"type":"string","description_kind":"plain","optional":true,"computed":true},"length":{"type":"number","description_kind":"plain","optional":true,"computed":true},"log":{"type":"string","description_kind":"plain","optional":true,"computed":true},"severity":{"type":"string","description_kind":"plain","optional":true,"computed":true},"status":{"type":"string","description_kind":"plain","optional":true,"computed":true}},"description_kind":"plain"},"max_items":1},"hostname":{"nesting_mode":"list","block":{"attributes":{"action":{"type":"string","description_kind":"plain","optional":true,"computed":true},"log":{"type":"string","description_kind":"plain","optional":true,"computed":true},"severity":{"type":"string","description_kind":"plain","optional":true,"computed":true},"status":{"type":"string","description_kind":"plain","optional":true,"computed":true}},"description_kind":"plain"},"max_items":1},"line_length":{"nesting_mode":"list","block":{"attributes":{"action":{"type":"string","description_kind":"plain","optional":true,"computed":true},"length":{"type":"number","description_kind":"plain","optional":true,"computed":true},"log":{"type":"string","description_kind":"plain","optional":true,"computed":true},"severity":{"type":"string","description_kind":"plain","optional":true,"computed":true},"status":{"type":"string","description_kind":"plain","optional":true,"computed":true}},"description_kind":"plain"},"max_items":1},"malformed":{"nesting_mode":"list","block":{"attributes":{"action":{"type":"string","description_kind":"plain","optional":true,"computed":true},"log":{"type":"string","description_kind":"plain","optional":true,"computed":true},"severity":{"type":"string","description_kind":"plain","optional":true,"computed":true},"status":{"type":"string","description_kind":"plain","optional":true,"computed":true}},"description_kind":"plain"},"max_items":1},"max_cookie":{"nesting_mode":"list","block":{"attributes":{"action":{"type":"string","description_kind":"plain","optional":true,"computed":true},"log":{"type":"string","description_kind":"plain","optional":true,"computed":true},"max_cookie":{"type":"number","description_kind":"plain","optional":true,"computed":true},"severity":{"type":"string","description_kind":"plain","optional":true,"computed":true},"status":{"type":"string","description_kind":"plain","optional":true,"computed":true}},"description_kind":"plain"},"max_items":1},"max_header_line":{"nesting_mode":"list","block":{"attributes":{"action":{"type":"string","description_kind":"plain","optional":true,"computed":true},"log":{"type":"string","description_kind":"plain","optional":true,"computed":true},"max_header_line":{"type":"number","description_kind":"plain","optional":true,"computed":true},"severity":{"type":"string","description_kind":"plain","optional":true,"computed":true},"status":{"type":"string","description_kind":"plain","optional":true,"computed":true}},"description_kind":"plain"},"max_items":1},"max_range_segment":{"nesting_mode":"list","block":{"attributes":{"action":{"type":"string","description_kind":"plain","optional":true,"computed":true},"log":{"type":"string","description_kind":"plain","optional":true,"computed":true},"max_range_segment":{"type":"number","description_kind":"plain","optional":true,"computed":true},"severity":{"type":"string","description_kind":"plain","optional":true,"computed":true},"status":{"type":"string","description_kind":"plain","optional":true,"computed":true}},"description_kind":"plain"},"max_items":1},"max_url_param":{"nesting_mode":"list","block":{"attributes":{"action":{"type":"string","description_kind":"plain","optional":true,"computed":true},"log":{"type":"string","description_kind":"plain","optional":true,"computed":true},"max_url_param":{"type":"number","description_kind":"plain","optional":true,"computed":true},"severity":{"type":"string","description_kind":"plain","optional":true,"computed":true},"status":{"type":"string","description_kind":"plain","optional":true,"computed":true}},"description_kind":"plain"},"max_items":1},"method":{"nesting_mode":"list","block":{"attributes":{"action":{"type":"string","description_kind":"plain","optional":true,"computed":true},"log":{"type":"string","description_kind":"plain","optional":true,"computed":true},"severity":{"type":"string","description_kind":"plain","optional":true,"computed":true},"status":{"type":"string","description_kind":"plain","optional":true,"computed":true}},"description_kind":"plain"},"max_items":1},"param_length":{"nesting_mode":"list","block":{"attributes":{"action":{"type":"string","description_kind":"plain","optional":true,"computed":true},"length":{"type":"number","description_kind":"plain","optional":true,"computed":true},"log":{"type":"string","description_kind":"plain","optional":true,"computed":true},"severity":{"type":"string","description_kind":"plain","optional":true,"computed":true},"status":{"type":"string","description_kind":"plain","optional":true,"computed":true}},"description_kind":"plain"},"max_items":1},"url_param_length":{"nesting_mode":"list","block":{"attributes":{"action":{"type":"string","description_kind":"plain","optional":true,"computed":true},"length":{"type":"number","description_kind":"plain","optional":true,"computed":true},"log":{"type":"string","description_kind":"plain","optional":true,"computed":true},"severity":{"type":"string","description_kind":"plain","optional":true,"computed":true},"status":{"type":"string","description_kind":"plain","optional":true,"computed":true}},"description_kind":"plain"},"max_items":1},"version":{"nesting_mode":"list","block":{"attributes":{"action":{"type":"string","description_kind":"plain","optional":true,"computed":true},"log":{"type":"string","description_kind":"plain","optional":true,"computed":true},"severity":{"type":"string","description_kind":"plain","optional":true,"computed":true},"status":{"type":"string","description_kind":"plain","optional":true,"computed":true}},"description_kind":"plain"},"max_items":1}},"description_kind":"plain"},"max_items":1},"method":{"nesting_mode":"list","block":{"attributes":{"default_allowed_methods":{"type":["set","string"],"description_kind":"plain","optional":true,"computed":true},"log":{"type":"string","description_kind":"plain","optional":true,"computed":true},"severity":{"type":"string","description_kind":"plain","optional":true,"computed":true},"status":{"type":"string","description_kind":"plain","optional":true,"computed":true}},"block_types":{"method_policy":{"nesting_mode":"list","block":{"attributes":{"address":{"type":"string","description_kind":"plain","optional":true,"computed":true},"allowed_methods":{"type":["set","string"],"description_kind":"plain","optional":true,"computed":true},"id":{"type":"number","description_kind":"plain","optional":true,"computed":true},"pattern":{"type":"string","description_kind":"plain","optional":true,"computed":true},"regex":{"type":"string","description_kind":"plain","optional":true,"computed":true}},"description_kind":"plain"}}},"description_kind":"plain"},"max_items":1},"signature":{"nesting_mode":"list","block":{"attributes":{"credit_card_detection_threshold":{"type":"number","description_kind":"plain","optional":true,"computed":true},"disabled_signature":{"type":"string","description_kind":"plain","optional":true,"computed":true},"disabled_sub_class":{"type":"string","description_kind":"plain","optional":true,"computed":true}},"block_types":{"custom_signature":{"nesting_mode":"list","block":{"attributes":{"action":{"type":"string","description_kind":"plain","optional":true,"computed":true},"case_sensitivity":{"type":"string","description_kind":"plain","optional":true,"computed":true},"direction":{"type":"string","description_kind":"plain","optional":true,"computed":true},"log":{"type":"string","description_kind":"plain","optional":true,"computed":true},"name":{"type":"string","description_kind":"plain","optional":true,"computed":true},"pattern":{"type":"string","description_kind":"plain","optional":true,"computed":true},"severity":{"type":"string","description_kind":"plain","optional":true,"computed":true},"status":{"type":"string","description_kind":"plain","optional":true,"computed":true},"target":{"type":["set","string"],"description_kind":"plain","optional":true,"computed":true}},"description_kind":"plain"}},"main_class":{"nesting_mode":"list","block":{"attributes":{"action":{"type":"string","description_kind":"plain","optional":true,"computed":true},"id":{"type":"number","description_kind":"plain","optional":true,"computed":true},"log":{"type":"string","description_kind":"plain","optional":true,"computed":true},"severity":{"type":"string","description_kind":"plain","optional":true,"computed":true},"status":{"type":"string","description_kind":"plain","optional":true,"computed":true}},"description_kind":"plain"},"max_items":1}},"description_kind":"plain"},"max_items":1},"url_access":{"nesting_mode":"list","block":{"attributes":{"action":{"type":"string","description_kind":"plain","optional":true,"computed":true},"address":{"type":"string","description_kind":"plain","optional":true,"computed":true},"id":{"type":"number","description_kind":"plain","optional":true,"computed":true},"log":{"type":"string","description_kind":"plain","optional":true,"computed":true},"severity":{"type":"string","description_kind":"plain","optional":true,"computed":true}},"block_types":{"access_pattern":{"nesting_mode":"list","block":{"attributes":{"id":{"type":"number","description_kind":"plain","optional":true,"computed":true},"negate":{"type":"string","description_kind":"plain","optional":true,"computed":true},"pattern":{"type":"string","description_kind":"plain","optional":true,"computed":true},"regex":{"type":"string","description_kind":"plain","optional":true,"computed":true},"srcaddr":{"type":"string","description_kind":"plain","optional":true,"computed":true}},"description_kind":"plain"}}},"description_kind":"plain"}}},"description_kind":"plain"}},"fortimanager_object_waf_signature":{"version":0,"block":{"attributes":{"adom":{"type":"string","description_kind":"plain","optional":true},"desc":{"type":"string","description_kind":"plain","optional":true,"computed":true},"fosid":{"type":"number","description_kind":"plain","optional":true,"computed":true},"id":{"type":"string","description_kind":"plain","optional":true,"computed":true},"scopetype":{"type":"string","description_kind":"plain","optional":true}},"description_kind":"plain"}},"fortimanager_object_waf_subclass":{"version":0,"block":{"attributes":{"adom":{"type":"string","description_kind":"plain","optional":true},"fosid":{"type":"number","description_kind":"plain","optional":true,"computed":true},"id":{"type":"string","description_kind":"plain","optional":true,"computed":true},"name":{"type":"string","description_kind":"plain","optional":true,"computed":true},"scopetype":{"type":"string","description_kind":"plain","optional":true}},"description_kind":"plain"}},"fortimanager_object_wanopt_authgroup":{"version":0,"block":{"attributes":{"adom":{"type":"string","description_kind":"plain","optional":true},"auth_method":{"type":"string","description_kind":"plain","optional":true,"computed":true},"cert":{"type":"string","description_kind":"plain","optional":true,"computed":true},"id":{"type":"string","description_kind":"plain","optional":true,"computed":true},"name":{"type":"string","description_kind":"plain","optional":true,"computed":true},"peer":{"type":"string","description_kind":"plain","optional":true,"computed":true},"peer_accept":{"type":"string","description_kind":"plain","optional":true,"computed":true},"psk":{"type":["set","string"],"description_kind":"plain","optional":true,"computed":true},"scopetype":{"type":"string","description_kind":"plain","optional":true}},"description_kind":"plain"}},"fortimanager_object_wanopt_peer":{"version":0,"block":{"attributes":{"adom":{"type":"string","description_kind":"plain","optional":true},"id":{"type":"string","description_kind":"plain","optional":true,"computed":true},"ip":{"type":"string","description_kind":"plain","optional":true,"computed":true},"peer_host_id":{"type":"string","description_kind":"plain","optional":true,"computed":true},"scopetype":{"type":"string","description_kind":"plain","optional":true}},"description_kind":"plain"}},"fortimanager_object_wanopt_profile":{"version":0,"block":{"attributes":{"adom":{"type":"string","description_kind":"plain","optional":true},"auth_group":{"type":"string","description_kind":"plain","optional":true,"computed":true},"comments":{"type":"string","description_kind":"plain","optional":true,"computed":true},"id":{"type":"string","description_kind":"plain","optional":true,"computed":true},"name":{"type":"string","description_kind":"plain","optional":true,"computed":true},"scopetype":{"type":"string","description_kind":"plain","optional":true},"transparent":{"type":"string","description_kind":"plain","optional":true,"computed":true}},"block_types":{"cifs":{"nesting_mode":"list","block":{"attributes":{"byte_caching":{"type":"string","description_kind":"plain","optional":true,"computed":true},"log_traffic":{"type":"string","description_kind":"plain","optional":true,"computed":true},"prefer_chunking":{"type":"string","description_kind":"plain","optional":true,"computed":true},"protocol_opt":{"type":"string","description_kind":"plain","optional":true,"computed":true},"secure_tunnel":{"type":"string","description_kind":"plain","optional":true,"computed":true},"status":{"type":"string","description_kind":"plain","optional":true,"computed":true},"tunnel_sharing":{"type":"string","description_kind":"plain","optional":true,"computed":true}},"description_kind":"plain"},"max_items":1},"ftp":{"nesting_mode":"list","block":{"attributes":{"byte_caching":{"type":"string","description_kind":"plain","optional":true,"computed":true},"log_traffic":{"type":"string","description_kind":"plain","optional":true,"computed":true},"prefer_chunking":{"type":"string","description_kind":"plain","optional":true,"computed":true},"protocol_opt":{"type":"string","description_kind":"plain","optional":true,"computed":true},"secure_tunnel":{"type":"string","description_kind":"plain","optional":true,"computed":true},"ssl":{"type":"string","description_kind":"plain","optional":true,"computed":true},"status":{"type":"string","description_kind":"plain","optional":true,"computed":true},"tunnel_sharing":{"type":"string","description_kind":"plain","optional":true,"computed":true}},"description_kind":"plain"},"max_items":1},"http":{"nesting_mode":"list","block":{"attributes":{"byte_caching":{"type":"string","description_kind":"plain","optional":true,"computed":true},"log_traffic":{"type":"string","description_kind":"plain","optional":true,"computed":true},"prefer_chunking":{"type":"string","description_kind":"plain","optional":true,"computed":true},"protocol_opt":{"type":"string","description_kind":"plain","optional":true,"computed":true},"secure_tunnel":{"type":"string","description_kind":"plain","optional":true,"computed":true},"ssl":{"type":"string","description_kind":"plain","optional":true,"computed":true},"status":{"type":"string","description_kind":"plain","optional":true,"computed":true},"tunnel_sharing":{"type":"string","description_kind":"plain","optional":true,"computed":true}},"description_kind":"plain"},"max_items":1},"mapi":{"nesting_mode":"list","block":{"attributes":{"byte_caching":{"type":"string","description_kind":"plain","optional":true,"computed":true},"log_traffic":{"type":"string","description_kind":"plain","optional":true,"computed":true},"secure_tunnel":{"type":"string","description_kind":"plain","optional":true,"computed":true},"status":{"type":"string","description_kind":"plain","optional":true,"computed":true},"tunnel_sharing":{"type":"string","description_kind":"plain","optional":true,"computed":true}},"description_kind":"plain"},"max_items":1},"tcp":{"nesting_mode":"list","block":{"attributes":{"byte_caching":{"type":"string","description_kind":"plain","optional":true,"computed":true},"byte_caching_opt":{"type":"string","description_kind":"plain","optional":true,"computed":true},"log_traffic":{"type":"string","description_kind":"plain","optional":true,"computed":true},"port":{"type":"string","description_kind":"plain","optional":true,"computed":true},"secure_tunnel":{"type":"string","description_kind":"plain","optional":true,"computed":true},"ssl":{"type":"string","description_kind":"plain","optional":true,"computed":true},"ssl_port":{"type":["set","number"],"description_kind":"plain","optional":true,"computed":true},"status":{"type":"string","description_kind":"plain","optional":true,"computed":true},"tunnel_sharing":{"type":"string","description_kind":"plain","optional":true,"computed":true}},"description_kind":"plain"},"max_items":1}},"description_kind":"plain"}},"fortimanager_object_webfilter_categories":{"version":0,"block":{"attributes":{"adom":{"type":"string","description_kind":"plain","optional":true},"fosid":{"type":"string","description_kind":"plain","optional":true,"computed":true},"id":{"type":"string","description_kind":"plain","optional":true,"computed":true},"scopetype":{"type":"string","description_kind":"plain","optional":true}},"description_kind":"plain"}},"fortimanager_object_webfilter_content":{"version":0,"block":{"attributes":{"adom":{"type":"string","description_kind":"plain","optional":true},"comment":{"type":"string","description_kind":"plain","optional":true,"computed":true},"dynamic_sort_subtable":{"type":"string","description_kind":"plain","optional":true},"fosid":{"type":"number","description_kind":"plain","optional":true,"computed":true},"id":{"type":"string","description_kind":"plain","optional":true,"computed":true},"name":{"type":"string","description_kind":"plain","optional":true,"computed":true},"scopetype":{"type":"string","description_kind":"plain","optional":true}},"block_types":{"entries":{"nesting_mode":"list","block":{"attributes":{"action":{"type":"string","description_kind":"plain","optional":true,"computed":true},"lang":{"type":"string","description_kind":"plain","optional":true,"computed":true},"name":{"type":"string","description_kind":"plain","optional":true,"computed":true},"pattern_type":{"type":"string","description_kind":"plain","optional":true,"computed":true},"score":{"type":"number","description_kind":"plain","optional":true,"computed":true},"status":{"type":"string","description_kind":"plain","optional":true,"computed":true}},"description_kind":"plain"}}},"description_kind":"plain"}},"fortimanager_object_webfilter_contentheader":{"version":0,"block":{"attributes":{"adom":{"type":"string","description_kind":"plain","optional":true},"comment":{"type":"string","description_kind":"plain","optional":true,"computed":true},"dynamic_sort_subtable":{"type":"string","description_kind":"plain","optional":true},"fosid":{"type":"number","description_kind":"plain","optional":true,"computed":true},"id":{"type":"string","description_kind":"plain","optional":true,"computed":true},"name":{"type":"string","description_kind":"plain","optional":true,"computed":true},"scopetype":{"type":"string","description_kind":"plain","optional":true}},"block_types":{"entries":{"nesting_mode":"list","block":{"attributes":{"action":{"type":"string","description_kind":"plain","optional":true,"computed":true},"category":{"type":"string","description_kind":"plain","optional":true,"computed":true},"pattern":{"type":"string","description_kind":"plain","optional":true,"computed":true}},"description_kind":"plain"}}},"description_kind":"plain"}},"fortimanager_object_webfilter_ftgdlocalcat":{"version":0,"block":{"attributes":{"adom":{"type":"string","description_kind":"plain","optional":true},"desc":{"type":"string","description_kind":"plain","optional":true,"computed":true},"fosid":{"type":"number","description_kind":"plain","optional":true,"computed":true},"id":{"type":"string","description_kind":"plain","optional":true,"computed":true},"scopetype":{"type":"string","description_kind":"plain","optional":true},"status":{"type":"string","description_kind":"plain","optional":true,"computed":true}},"description_kind":"plain"}},"fortimanager_object_webfilter_ftgdlocalrating":{"version":0,"block":{"attributes":{"adom":{"type":"string","description_kind":"plain","optional":true},"comment":{"type":"string","description_kind":"plain","optional":true,"computed":true},"id":{"type":"string","description_kind":"plain","optional":true,"computed":true},"rating":{"type":["list","string"],"description_kind":"plain","optional":true,"computed":true},"scopetype":{"type":"string","description_kind":"plain","optional":true},"status":{"type":"string","description_kind":"plain","optional":true,"computed":true},"url":{"type":"string","description_kind":"plain","optional":true,"computed":true}},"description_kind":"plain"}},"fortimanager_object_webfilter_profile":{"version":0,"block":{"attributes":{"adom":{"type":"string","description_kind":"plain","optional":true},"comment":{"type":"string","description_kind":"plain","optional":true,"computed":true},"dynamic_sort_subtable":{"type":"string","description_kind":"plain","optional":true},"extended_log":{"type":"string","description_kind":"plain","optional":true,"computed":true},"feature_set":{"type":"string","description_kind":"plain","optional":true,"computed":true},"https_replacemsg":{"type":"string","description_kind":"plain","optional":true,"computed":true},"id":{"type":"string","description_kind":"plain","optional":true,"computed":true},"log_all_url":{"type":"string","description_kind":"plain","optional":true,"computed":true},"name":{"type":"string","description_kind":"plain","optional":true,"computed":true},"options":{"type":["set","string"],"description_kind":"plain","optional":true,"computed":true},"ovrd_perm":{"type":["set","string"],"description_kind":"plain","optional":true,"computed":true},"post_action":{"type":"string","description_kind":"plain","optional":true,"computed":true},"replacemsg_group":{"type":"string","description_kind":"plain","optional":true,"computed":true},"scopetype":{"type":"string","description_kind":"plain","optional":true},"web_antiphishing_log":{"type":"string","description_kind":"plain","optional":true,"computed":true},"web_content_log":{"type":"string","description_kind":"plain","optional":true,"computed":true},"web_extended_all_action_log":{"type":"string","description_kind":"plain","optional":true,"computed":true},"web_filter_activex_log":{"type":"string","description_kind":"plain","optional":true,"computed":true},"web_filter_applet_log":{"type":"string","description_kind":"plain","optional":true,"computed":true},"web_filter_command_block_log":{"type":"string","description_kind":"plain","optional":true,"computed":true},"web_filter_cookie_log":{"type":"string","description_kind":"plain","optional":true,"computed":true},"web_filter_cookie_removal_log":{"type":"string","description_kind":"plain","optional":true,"computed":true},"web_filter_js_log":{"type":"string","description_kind":"plain","optional":true,"computed":true},"web_filter_jscript_log":{"type":"string","description_kind":"plain","optional":true,"computed":true},"web_filter_referer_log":{"type":"string","description_kind":"plain","optional":true,"computed":true},"web_filter_unknown_log":{"type":"string","description_kind":"plain","optional":true,"computed":true},"web_filter_vbs_log":{"type":"string","description_kind":"plain","optional":true,"computed":true},"web_ftgd_err_log":{"type":"string","description_kind":"plain","optional":true,"computed":true},"web_ftgd_quota_usage":{"type":"string","description_kind":"plain","optional":true,"computed":true},"web_invalid_domain_log":{"type":"string","description_kind":"plain","optional":true,"computed":true},"web_url_log":{"type":"string","description_kind":"plain","optional":true,"computed":true},"wisp":{"type":"string","description_kind":"plain","optional":true,"computed":true},"wisp_algorithm":{"type":"string","description_kind":"plain","optional":true,"computed":true},"wisp_servers":{"type":"string","description_kind":"plain","optional":true,"computed":true},"youtube_channel_status":{"type":"string","description_kind":"plain","optional":true,"computed":true}},"block_types":{"antiphish":{"nesting_mode":"list","block":{"attributes":{"authentication":{"type":"string","description_kind":"plain","optional":true,"computed":true},"check_basic_auth":{"type":"string","description_kind":"plain","optional":true,"computed":true},"check_uri":{"type":"string","description_kind":"plain","optional":true,"computed":true},"check_username_only":{"type":"string","description_kind":"plain","optional":true,"computed":true},"default_action":{"type":"string","description_kind":"plain","optional":true,"computed":true},"domain_controller":{"type":"string","description_kind":"plain","optional":true,"computed":true},"ldap":{"type":"string","description_kind":"plain","optional":true,"computed":true},"max_body_len":{"type":"number","description_kind":"plain","optional":true,"computed":true},"status":{"type":"string","description_kind":"plain","optional":true,"computed":true}},"block_types":{"custom_patterns":{"nesting_mode":"list","block":{"attributes":{"category":{"type":"string","description_kind":"plain","optional":true,"computed":true},"pattern":{"type":"string","description_kind":"plain","optional":true,"computed":true},"type":{"type":"string","description_kind":"plain","optional":true,"computed":true}},"description_kind":"plain"}},"inspection_entries":{"nesting_mode":"list","block":{"attributes":{"action":{"type":"string","description_kind":"plain","optional":true,"computed":true},"fortiguard_category":{"type":["set","string"],"description_kind":"plain","optional":true,"computed":true},"name":{"type":"string","description_kind":"plain","optional":true,"computed":true}},"description_kind":"plain"}}},"description_kind":"plain"},"max_items":1},"ftgd_wf":{"nesting_mode":"list","block":{"attributes":{"exempt_quota":{"type":["list","string"],"description_kind":"plain","optional":true,"computed":true},"max_quota_timeout":{"type":"number","description_kind":"plain","optional":true,"computed":true},"options":{"type":["set","string"],"description_kind":"plain","optional":true,"computed":true},"ovrd":{"type":["list","string"],"description_kind":"plain","optional":true,"computed":true},"rate_crl_urls":{"type":"string","description_kind":"plain","optional":true,"computed":true},"rate_css_urls":{"type":"string","description_kind":"plain","optional":true,"computed":true},"rate_image_urls":{"type":"string","description_kind":"plain","optional":true,"computed":true},"rate_javascript_urls":{"type":"string","description_kind":"plain","optional":true,"computed":true}},"block_types":{"filters":{"nesting_mode":"list","block":{"attributes":{"action":{"type":"string","description_kind":"plain","optional":true,"computed":true},"auth_usr_grp":{"type":"string","description_kind":"plain","optional":true,"computed":true},"category":{"type":"string","description_kind":"plain","optional":true,"computed":true},"id":{"type":"number","description_kind":"plain","optional":true,"computed":true},"log":{"type":"string","description_kind":"plain","optional":true,"computed":true},"override_replacemsg":{"type":"string","description_kind":"plain","optional":true,"computed":true},"warn_duration":{"type":"string","description_kind":"plain","optional":true,"computed":true},"warning_duration_type":{"type":"string","description_kind":"plain","optional":true,"computed":true},"warning_prompt":{"type":"string","description_kind":"plain","optional":true,"computed":true}},"description_kind":"plain"}},"quota":{"nesting_mode":"list","block":{"attributes":{"category":{"type":"string","description_kind":"plain","optional":true,"computed":true},"duration":{"type":"string","description_kind":"plain","optional":true,"computed":true},"id":{"type":"number","description_kind":"plain","optional":true,"computed":true},"override_replacemsg":{"type":"string","description_kind":"plain","optional":true,"computed":true},"type":{"type":"string","description_kind":"plain","optional":true,"computed":true},"unit":{"type":"string","description_kind":"plain","optional":true,"computed":true},"value":{"type":"number","description_kind":"plain","optional":true,"computed":true}},"description_kind":"plain"}}},"description_kind":"plain"},"max_items":1},"override":{"nesting_mode":"list","block":{"attributes":{"ovrd_cookie":{"type":"string","description_kind":"plain","optional":true,"computed":true},"ovrd_dur":{"type":"string","description_kind":"plain","optional":true,"computed":true},"ovrd_dur_mode":{"type":"string","description_kind":"plain","optional":true,"computed":true},"ovrd_scope":{"type":"string","description_kind":"plain","optional":true,"computed":true},"ovrd_user_group":{"type":["list","string"],"description_kind":"plain","optional":true,"computed":true},"profile":{"type":["list","string"],"description_kind":"plain","optional":true,"computed":true},"profile_attribute":{"type":"string","description_kind":"plain","optional":true,"computed":true},"profile_type":{"type":"string","description_kind":"plain","optional":true,"computed":true}},"description_kind":"plain"},"max_items":1},"url_extraction":{"nesting_mode":"list","block":{"attributes":{"redirect_header":{"type":"string","description_kind":"plain","optional":true,"computed":true},"redirect_no_content":{"type":"string","description_kind":"plain","optional":true,"computed":true},"redirect_url":{"type":"string","description_kind":"plain","optional":true,"computed":true},"server_fqdn":{"type":"string","description_kind":"plain","optional":true,"computed":true},"status":{"type":"string","description_kind":"plain","optional":true,"computed":true}},"description_kind":"plain"},"max_items":1},"web":{"nesting_mode":"list","block":{"attributes":{"allowlist":{"type":["set","string"],"description_kind":"plain","optional":true,"computed":true},"blacklist":{"type":"string","description_kind":"plain","optional":true,"computed":true},"blocklist":{"type":"string","description_kind":"plain","optional":true,"computed":true},"bword_table":{"type":"string","description_kind":"plain","optional":true,"computed":true},"bword_threshold":{"type":"number","description_kind":"plain","optional":true,"computed":true},"content_header_list":{"type":"string","description_kind":"plain","optional":true,"computed":true},"keyword_match":{"type":["set","string"],"description_kind":"plain","optional":true,"computed":true},"log_search":{"type":"string","description_kind":"plain","optional":true,"computed":true},"safe_search":{"type":["set","string"],"description_kind":"plain","optional":true,"computed":true},"urlfilter_table":{"type":"string","description_kind":"plain","optional":true,"computed":true},"whitelist":{"type":["set","string"],"description_kind":"plain","optional":true,"computed":true},"youtube_restrict":{"type":"string","description_kind":"plain","optional":true,"computed":true}},"description_kind":"plain"},"max_items":1},"youtube_channel_filter":{"nesting_mode":"list","block":{"attributes":{"channel_id":{"type":"string","description_kind":"plain","optional":true,"computed":true},"comment":{"type":"string","description_kind":"plain","optional":true,"computed":true},"id":{"type":"number","description_kind":"plain","optional":true,"computed":true}},"description_kind":"plain"}}},"description_kind":"plain"}},"fortimanager_object_webfilter_urlfilter":{"version":0,"block":{"attributes":{"adom":{"type":"string","description_kind":"plain","optional":true},"comment":{"type":"string","description_kind":"plain","optional":true,"computed":true},"dynamic_sort_subtable":{"type":"string","description_kind":"plain","optional":true},"fosid":{"type":"number","description_kind":"plain","optional":true,"computed":true},"id":{"type":"string","description_kind":"plain","optional":true,"computed":true},"ip_addr_block":{"type":"string","description_kind":"plain","optional":true,"computed":true},"name":{"type":"string","description_kind":"plain","optional":true,"computed":true},"one_arm_ips_urlfilter":{"type":"string","description_kind":"plain","optional":true,"computed":true},"scopetype":{"type":"string","description_kind":"plain","optional":true}},"block_types":{"entries":{"nesting_mode":"list","block":{"attributes":{"action":{"type":"string","description_kind":"plain","optional":true,"computed":true},"antiphish_action":{"type":"string","description_kind":"plain","optional":true,"computed":true},"dns_address_family":{"type":"string","description_kind":"plain","optional":true,"computed":true},"exempt":{"type":["set","string"],"description_kind":"plain","optional":true,"computed":true},"id":{"type":"number","description_kind":"plain","optional":true,"computed":true},"referrer_host":{"type":"string","description_kind":"plain","optional":true,"computed":true},"status":{"type":"string","description_kind":"plain","optional":true,"computed":true},"type":{"type":"string","description_kind":"plain","optional":true,"computed":true},"url":{"type":"string","description_kind":"plain","optional":true,"computed":true},"web_proxy_profile":{"type":"string","description_kind":"plain","optional":true,"computed":true}},"description_kind":"plain"}}},"description_kind":"plain"}},"fortimanager_object_webproxy_forwardserver":{"version":0,"block":{"attributes":{"addr_type":{"type":"string","description_kind":"plain","optional":true,"computed":true},"adom":{"type":"string","description_kind":"plain","optional":true},"comment":{"type":"string","description_kind":"plain","optional":true,"computed":true},"fqdn":{"type":"string","description_kind":"plain","optional":true,"computed":true},"healthcheck":{"type":"string","description_kind":"plain","optional":true,"computed":true},"id":{"type":"string","description_kind":"plain","optional":true,"computed":true},"ip":{"type":"string","description_kind":"plain","optional":true,"computed":true},"monitor":{"type":"string","description_kind":"plain","optional":true,"computed":true},"name":{"type":"string","description_kind":"plain","optional":true,"computed":true},"password":{"type":["set","string"],"description_kind":"plain","optional":true,"computed":true},"port":{"type":"number","description_kind":"plain","optional":true,"computed":true},"scopetype":{"type":"string","description_kind":"plain","optional":true},"server_down_option":{"type":"string","description_kind":"plain","optional":true,"computed":true},"username":{"type":"string","description_kind":"plain","optional":true,"computed":true}},"description_kind":"plain"}},"fortimanager_object_webproxy_forwardservergroup":{"version":0,"block":{"attributes":{"adom":{"type":"string","description_kind":"plain","optional":true},"affinity":{"type":"string","description_kind":"plain","optional":true,"computed":true},"dynamic_sort_subtable":{"type":"string","description_kind":"plain","optional":true},"group_down_option":{"type":"string","description_kind":"plain","optional":true,"computed":true},"id":{"type":"string","description_kind":"plain","optional":true,"computed":true},"ldb_method":{"type":"string","description_kind":"plain","optional":true,"computed":true},"name":{"type":"string","description_kind":"plain","optional":true,"computed":true},"scopetype":{"type":"string","description_kind":"plain","optional":true}},"block_types":{"server_list":{"nesting_mode":"list","block":{"attributes":{"name":{"type":"string","description_kind":"plain","optional":true,"computed":true},"weight":{"type":"number","description_kind":"plain","optional":true,"computed":true}},"description_kind":"plain"}}},"description_kind":"plain"}},"fortimanager_object_webproxy_profile":{"version":0,"block":{"attributes":{"adom":{"type":"string","description_kind":"plain","optional":true},"dynamic_sort_subtable":{"type":"string","description_kind":"plain","optional":true},"header_client_ip":{"type":"string","description_kind":"plain","optional":true,"computed":true},"header_front_end_https":{"type":"string","description_kind":"plain","optional":true,"computed":true},"header_via_request":{"type":"string","description_kind":"plain","optional":true,"computed":true},"header_via_response":{"type":"string","description_kind":"plain","optional":true,"computed":true},"header_x_authenticated_groups":{"type":"string","description_kind":"plain","optional":true,"computed":true},"header_x_authenticated_user":{"type":"string","description_kind":"plain","optional":true,"computed":true},"header_x_forwarded_for":{"type":"string","description_kind":"plain","optional":true,"computed":true},"id":{"type":"string","description_kind":"plain","optional":true,"computed":true},"log_header_change":{"type":"string","description_kind":"plain","optional":true,"computed":true},"name":{"type":"string","description_kind":"plain","optional":true,"computed":true},"scopetype":{"type":"string","description_kind":"plain","optional":true},"strip_encoding":{"type":"string","description_kind":"plain","optional":true,"computed":true}},"block_types":{"headers":{"nesting_mode":"list","block":{"attributes":{"action":{"type":"string","description_kind":"plain","optional":true,"computed":true},"add_option":{"type":"string","description_kind":"plain","optional":true,"computed":true},"base64_encoding":{"type":"string","description_kind":"plain","optional":true,"computed":true},"content":{"type":"string","description_kind":"plain","optional":true,"computed":true},"dstaddr":{"type":"string","description_kind":"plain","optional":true,"computed":true},"dstaddr6":{"type":"string","description_kind":"plain","optional":true,"computed":true},"id":{"type":"number","description_kind":"plain","optional":true,"computed":true},"name":{"type":"string","description_kind":"plain","optional":true,"computed":true},"protocol":{"type":["set","string"],"description_kind":"plain","optional":true,"computed":true}},"description_kind":"plain"}}},"description_kind":"plain"}},"fortimanager_object_webproxy_wisp":{"version":0,"block":{"attributes":{"adom":{"type":"string","description_kind":"plain","optional":true},"comment":{"type":"string","description_kind":"plain","optional":true,"computed":true},"id":{"type":"string","description_kind":"plain","optional":true,"computed":true},"max_connections":{"type":"number","description_kind":"plain","optional":true,"computed":true},"name":{"type":"string","description_kind":"plain","optional":true,"computed":true},"outgoing_ip":{"type":"string","description_kind":"plain","optional":true,"computed":true},"scopetype":{"type":"string","description_kind":"plain","optional":true},"server_ip":{"type":"string","description_kind":"plain","optional":true,"computed":true},"server_port":{"type":"number","description_kind":"plain","optional":true,"computed":true},"timeout":{"type":"number","description_kind":"plain","optional":true,"computed":true}},"description_kind":"plain"}},"fortimanager_object_wirelesscontroller_bleprofile":{"version":0,"block":{"attributes":{"adom":{"type":"string","description_kind":"plain","optional":true},"advertising":{"type":["set","string"],"description_kind":"plain","optional":true,"computed":true},"beacon_interval":{"type":"number","description_kind":"plain","optional":true,"computed":true},"ble_scanning":{"type":"string","description_kind":"plain","optional":true,"computed":true},"comment":{"type":"string","description_kind":"plain","optional":true,"computed":true},"eddystone_instance":{"type":"string","description_kind":"plain","optional":true,"computed":true},"eddystone_namespace":{"type":"string","description_kind":"plain","optional":true,"computed":true},"eddystone_url":{"type":"string","description_kind":"plain","optional":true,"computed":true},"eddystone_url_encode_hex":{"type":"string","description_kind":"plain","optional":true,"computed":true},"ibeacon_uuid":{"type":"string","description_kind":"plain","optional":true,"computed":true},"id":{"type":"string","description_kind":"plain","optional":true,"computed":true},"major_id":{"type":"number","description_kind":"plain","optional":true,"computed":true},"minor_id":{"type":"number","description_kind":"plain","optional":true,"computed":true},"name":{"type":"string","description_kind":"plain","optional":true,"computed":true},"scopetype":{"type":"string","description_kind":"plain","optional":true},"txpower":{"type":"string","description_kind":"plain","optional":true,"computed":true}},"description_kind":"plain"}},"fortimanager_object_wirelesscontroller_hotspot20_anqp3gppcellular":{"version":0,"block":{"attributes":{"adom":{"type":"string","description_kind":"plain","optional":true},"dynamic_sort_subtable":{"type":"string","description_kind":"plain","optional":true},"id":{"type":"string","description_kind":"plain","optional":true,"computed":true},"name":{"type":"string","description_kind":"plain","optional":true,"computed":true},"scopetype":{"type":"string","description_kind":"plain","optional":true}},"block_types":{"mcc_mnc_list":{"nesting_mode":"list","block":{"attributes":{"id":{"type":"number","description_kind":"plain","optional":true,"computed":true},"mcc":{"type":"string","description_kind":"plain","optional":true,"computed":true},"mnc":{"type":"string","description_kind":"plain","optional":true,"computed":true}},"description_kind":"plain"}}},"description_kind":"plain"}},"fortimanager_object_wirelesscontroller_hotspot20_anqpipaddresstype":{"version":0,"block":{"attributes":{"adom":{"type":"string","description_kind":"plain","optional":true},"id":{"type":"string","description_kind":"plain","optional":true,"computed":true},"ipv4_address_type":{"type":"string","description_kind":"plain","optional":true,"computed":true},"ipv6_address_type":{"type":"string","description_kind":"plain","optional":true,"computed":true},"name":{"type":"string","description_kind":"plain","optional":true,"computed":true},"scopetype":{"type":"string","description_kind":"plain","optional":true}},"description_kind":"plain"}},"fortimanager_object_wirelesscontroller_hotspot20_anqpnairealm":{"version":0,"block":{"attributes":{"adom":{"type":"string","description_kind":"plain","optional":true},"dynamic_sort_subtable":{"type":"string","description_kind":"plain","optional":true},"id":{"type":"string","description_kind":"plain","optional":true,"computed":true},"name":{"type":"string","description_kind":"plain","optional":true,"computed":true},"scopetype":{"type":"string","description_kind":"plain","optional":true}},"block_types":{"nai_list":{"nesting_mode":"list","block":{"attributes":{"encoding":{"type":"string","description_kind":"plain","optional":true,"computed":true},"nai_realm":{"type":"string","description_kind":"plain","optional":true,"computed":true},"name":{"type":"string","description_kind":"plain","optional":true,"computed":true}},"block_types":{"eap_method":{"nesting_mode":"list","block":{"attributes":{"index":{"type":"number","description_kind":"plain","optional":true,"computed":true},"method":{"type":"string","description_kind":"plain","optional":true,"computed":true}},"block_types":{"auth_param":{"nesting_mode":"list","block":{"attributes":{"id":{"type":"string","description_kind":"plain","optional":true,"computed":true},"index":{"type":"number","description_kind":"plain","optional":true,"computed":true},"val":{"type":"string","description_kind":"plain","optional":true,"computed":true}},"description_kind":"plain"}}},"description_kind":"plain"}}},"description_kind":"plain"}}},"description_kind":"plain"}},"fortimanager_object_wirelesscontroller_hotspot20_anqpnetworkauthtype":{"version":0,"block":{"attributes":{"adom":{"type":"string","description_kind":"plain","optional":true},"auth_type":{"type":"string","description_kind":"plain","optional":true,"computed":true},"id":{"type":"string","description_kind":"plain","optional":true,"computed":true},"name":{"type":"string","description_kind":"plain","optional":true,"computed":true},"scopetype":{"type":"string","description_kind":"plain","optional":true},"url":{"type":"string","description_kind":"plain","optional":true,"computed":true}},"description_kind":"plain"}},"fortimanager_object_wirelesscontroller_hotspot20_anqproamingconsortium":{"version":0,"block":{"attributes":{"adom":{"type":"string","description_kind":"plain","optional":true},"dynamic_sort_subtable":{"type":"string","description_kind":"plain","optional":true},"id":{"type":"string","description_kind":"plain","optional":true,"computed":true},"name":{"type":"string","description_kind":"plain","optional":true,"computed":true},"scopetype":{"type":"string","description_kind":"plain","optional":true}},"block_types":{"oi_list":{"nesting_mode":"list","block":{"attributes":{"comment":{"type":"string","description_kind":"plain","optional":true,"computed":true},"index":{"type":"number","description_kind":"plain","optional":true,"computed":true},"oi":{"type":"string","description_kind":"plain","optional":true,"computed":true}},"description_kind":"plain"}}},"description_kind":"plain"}},"fortimanager_object_wirelesscontroller_hotspot20_anqpvenuename":{"version":0,"block":{"attributes":{"adom":{"type":"string","description_kind":"plain","optional":true},"dynamic_sort_subtable":{"type":"string","description_kind":"plain","optional":true},"id":{"type":"string","description_kind":"plain","optional":true,"computed":true},"name":{"type":"string","description_kind":"plain","optional":true,"computed":true},"scopetype":{"type":"string","description_kind":"plain","optional":true}},"block_types":{"value_list":{"nesting_mode":"list","block":{"attributes":{"index":{"type":"number","description_kind":"plain","optional":true,"computed":true},"lang":{"type":"string","description_kind":"plain","optional":true,"computed":true},"value":{"type":"string","description_kind":"plain","optional":true,"computed":true}},"description_kind":"plain"}}},"description_kind":"plain"}},"fortimanager_object_wirelesscontroller_hotspot20_h2qpconncapability":{"version":0,"block":{"attributes":{"adom":{"type":"string","description_kind":"plain","optional":true},"esp_port":{"type":"string","description_kind":"plain","optional":true,"computed":true},"ftp_port":{"type":"string","description_kind":"plain","optional":true,"computed":true},"http_port":{"type":"string","description_kind":"plain","optional":true,"computed":true},"icmp_port":{"type":"string","description_kind":"plain","optional":true,"computed":true},"id":{"type":"string","description_kind":"plain","optional":true,"computed":true},"ikev2_port":{"type":"string","description_kind":"plain","optional":true,"computed":true},"ikev2_xx_port":{"type":"string","description_kind":"plain","optional":true,"computed":true},"name":{"type":"string","description_kind":"plain","optional":true,"computed":true},"pptp_vpn_port":{"type":"string","description_kind":"plain","optional":true,"computed":true},"scopetype":{"type":"string","description_kind":"plain","optional":true},"ssh_port":{"type":"string","description_kind":"plain","optional":true,"computed":true},"tls_port":{"type":"string","description_kind":"plain","optional":true,"computed":true},"voip_tcp_port":{"type":"string","description_kind":"plain","optional":true,"computed":true},"voip_udp_port":{"type":"string","description_kind":"plain","optional":true,"computed":true}},"description_kind":"plain"}},"fortimanager_object_wirelesscontroller_hotspot20_h2qpoperatorname":{"version":0,"block":{"attributes":{"adom":{"type":"string","description_kind":"plain","optional":true},"dynamic_sort_subtable":{"type":"string","description_kind":"plain","optional":true},"id":{"type":"string","description_kind":"plain","optional":true,"computed":true},"name":{"type":"string","description_kind":"plain","optional":true,"computed":true},"scopetype":{"type":"string","description_kind":"plain","optional":true}},"block_types":{"value_list":{"nesting_mode":"list","block":{"attributes":{"index":{"type":"number","description_kind":"plain","optional":true,"computed":true},"lang":{"type":"string","description_kind":"plain","optional":true,"computed":true},"value":{"type":"string","description_kind":"plain","optional":true,"computed":true}},"description_kind":"plain"}}},"description_kind":"plain"}},"fortimanager_object_wirelesscontroller_hotspot20_h2qposuprovider":{"version":0,"block":{"attributes":{"adom":{"type":"string","description_kind":"plain","optional":true},"dynamic_sort_subtable":{"type":"string","description_kind":"plain","optional":true},"icon":{"type":"string","description_kind":"plain","optional":true,"computed":true},"id":{"type":"string","description_kind":"plain","optional":true,"computed":true},"name":{"type":"string","description_kind":"plain","optional":true,"computed":true},"osu_method":{"type":["set","string"],"description_kind":"plain","optional":true,"computed":true},"osu_nai":{"type":"string","description_kind":"plain","optional":true,"computed":true},"scopetype":{"type":"string","description_kind":"plain","optional":true},"server_uri":{"type":"string","description_kind":"plain","optional":true,"computed":true}},"block_types":{"friendly_name":{"nesting_mode":"list","block":{"attributes":{"friendly_name":{"type":"string","description_kind":"plain","optional":true,"computed":true},"index":{"type":"number","description_kind":"plain","optional":true,"computed":true},"lang":{"type":"string","description_kind":"plain","optional":true,"computed":true}},"description_kind":"plain"}},"service_description":{"nesting_mode":"list","block":{"attributes":{"lang":{"type":"string","description_kind":"plain","optional":true,"computed":true},"service_description":{"type":"string","description_kind":"plain","optional":true,"computed":true},"service_id":{"type":"number","description_kind":"plain","optional":true,"computed":true}},"description_kind":"plain"}}},"description_kind":"plain"}},"fortimanager_object_wirelesscontroller_hotspot20_h2qpwanmetric":{"version":0,"block":{"attributes":{"adom":{"type":"string","description_kind":"plain","optional":true},"downlink_load":{"type":"number","description_kind":"plain","optional":true,"computed":true},"downlink_speed":{"type":"number","description_kind":"plain","optional":true,"computed":true},"id":{"type":"string","description_kind":"plain","optional":true,"computed":true},"link_at_capacity":{"type":"string","description_kind":"plain","optional":true,"computed":true},"link_status":{"type":"string","description_kind":"plain","optional":true,"computed":true},"load_measurement_duration":{"type":"number","description_kind":"plain","optional":true,"computed":true},"name":{"type":"string","description_kind":"plain","optional":true,"computed":true},"scopetype":{"type":"string","description_kind":"plain","optional":true},"symmetric_wan_link":{"type":"string","description_kind":"plain","optional":true,"computed":true},"uplink_load":{"type":"number","description_kind":"plain","optional":true,"computed":true},"uplink_speed":{"type":"number","description_kind":"plain","optional":true,"computed":true}},"description_kind":"plain"}},"fortimanager_object_wirelesscontroller_hotspot20_hsprofile":{"version":0,"block":{"attributes":{"access_network_asra":{"type":"string","description_kind":"plain","optional":true,"computed":true},"access_network_esr":{"type":"string","description_kind":"plain","optional":true,"computed":true},"access_network_internet":{"type":"string","description_kind":"plain","optional":true,"computed":true},"access_network_type":{"type":"string","description_kind":"plain","optional":true,"computed":true},"access_network_uesa":{"type":"string","description_kind":"plain","optional":true,"computed":true},"adom":{"type":"string","description_kind":"plain","optional":true},"anqp_domain_id":{"type":"number","description_kind":"plain","optional":true,"computed":true},"bss_transition":{"type":"string","description_kind":"plain","optional":true,"computed":true},"conn_cap":{"type":"string","description_kind":"plain","optional":true,"computed":true},"deauth_request_timeout":{"type":"number","description_kind":"plain","optional":true,"computed":true},"dgaf":{"type":"string","description_kind":"plain","optional":true,"computed":true},"domain_name":{"type":"string","description_kind":"plain","optional":true,"computed":true},"gas_comeback_delay":{"type":"number","description_kind":"plain","optional":true,"computed":true},"gas_fragmentation_limit":{"type":"number","description_kind":"plain","optional":true,"computed":true},"hessid":{"type":"string","description_kind":"plain","optional":true,"computed":true},"id":{"type":"string","description_kind":"plain","optional":true,"computed":true},"ip_addr_type":{"type":"string","description_kind":"plain","optional":true,"computed":true},"l2tif":{"type":"string","description_kind":"plain","optional":true,"computed":true},"n3gpp_plmn":{"type":"string","description_kind":"plain","optional":true,"computed":true},"nai_realm":{"type":"string","description_kind":"plain","optional":true,"computed":true},"name":{"type":"string","description_kind":"plain","optional":true,"computed":true},"network_auth":{"type":"string","description_kind":"plain","optional":true,"computed":true},"oper_friendly_name":{"type":"string","description_kind":"plain","optional":true,"computed":true},"osu_provider":{"type":["list","string"],"description_kind":"plain","optional":true,"computed":true},"osu_ssid":{"type":"string","description_kind":"plain","optional":true,"computed":true},"pame_bi":{"type":"string","description_kind":"plain","optional":true,"computed":true},"proxy_arp":{"type":"string","description_kind":"plain","optional":true,"computed":true},"qos_map":{"type":"string","description_kind":"plain","optional":true,"computed":true},"roaming_consortium":{"type":"string","description_kind":"plain","optional":true,"computed":true},"scopetype":{"type":"string","description_kind":"plain","optional":true},"venue_group":{"type":"string","description_kind":"plain","optional":true,"computed":true},"venue_name":{"type":"string","description_kind":"plain","optional":true,"computed":true},"venue_type":{"type":"string","description_kind":"plain","optional":true,"computed":true},"wan_metrics":{"type":"string","description_kind":"plain","optional":true,"computed":true},"wnm_sleep_mode":{"type":"string","description_kind":"plain","optional":true,"computed":true}},"description_kind":"plain"}},"fortimanager_object_wirelesscontroller_hotspot20_qosmap":{"version":0,"block":{"attributes":{"adom":{"type":"string","description_kind":"plain","optional":true},"dynamic_sort_subtable":{"type":"string","description_kind":"plain","optional":true},"id":{"type":"string","description_kind":"plain","optional":true,"computed":true},"name":{"type":"string","description_kind":"plain","optional":true,"computed":true},"scopetype":{"type":"string","description_kind":"plain","optional":true}},"block_types":{"dscp_except":{"nesting_mode":"list","block":{"attributes":{"dscp":{"type":"number","description_kind":"plain","optional":true,"computed":true},"index":{"type":"number","description_kind":"plain","optional":true,"computed":true},"up":{"type":"number","description_kind":"plain","optional":true,"computed":true}},"description_kind":"plain"}},"dscp_range":{"nesting_mode":"list","block":{"attributes":{"high":{"type":"number","description_kind":"plain","optional":true,"computed":true},"index":{"type":"number","description_kind":"plain","optional":true,"computed":true},"low":{"type":"number","description_kind":"plain","optional":true,"computed":true},"up":{"type":"number","description_kind":"plain","optional":true,"computed":true}},"description_kind":"plain"}}},"description_kind":"plain"}},"fortimanager_object_wirelesscontroller_mpskprofile":{"version":0,"block":{"attributes":{"adom":{"type":"string","description_kind":"plain","optional":true},"dynamic_sort_subtable":{"type":"string","description_kind":"plain","optional":true},"id":{"type":"string","description_kind":"plain","optional":true,"computed":true},"mpsk_concurrent_clients":{"type":"number","description_kind":"plain","optional":true,"computed":true},"name":{"type":"string","description_kind":"plain","optional":true,"computed":true},"scopetype":{"type":"string","description_kind":"plain","optional":true},"ssid":{"type":"string","description_kind":"plain","optional":true,"computed":true}},"block_types":{"mpsk_group":{"nesting_mode":"list","block":{"attributes":{"name":{"type":"string","description_kind":"plain","optional":true,"computed":true},"vlan_id":{"type":"number","description_kind":"plain","optional":true,"computed":true},"vlan_type":{"type":"string","description_kind":"plain","optional":true,"computed":true}},"block_types":{"mpsk_key":{"nesting_mode":"list","block":{"attributes":{"comment":{"type":"string","description_kind":"plain","optional":true,"computed":true},"concurrent_client_limit_type":{"type":"string","description_kind":"plain","optional":true,"computed":true},"concurrent_clients":{"type":"number","description_kind":"plain","optional":true,"computed":true},"mac":{"type":"string","description_kind":"plain","optional":true,"computed":true},"mpsk_schedules":{"type":"string","description_kind":"plain","optional":true,"computed":true},"name":{"type":"string","description_kind":"plain","optional":true,"computed":true},"passphrase":{"type":["set","string"],"description_kind":"plain","optional":true,"computed":true},"pmk":{"type":["set","string"],"description_kind":"plain","optional":true,"computed":true}},"description_kind":"plain"}}},"description_kind":"plain"}}},"description_kind":"plain"}},"fortimanager_object_wirelesscontroller_qosprofile":{"version":0,"block":{"attributes":{"adom":{"type":"string","description_kind":"plain","optional":true},"bandwidth_admission_control":{"type":"string","description_kind":"plain","optional":true,"computed":true},"bandwidth_capacity":{"type":"number","description_kind":"plain","optional":true,"computed":true},"burst":{"type":"string","description_kind":"plain","optional":true,"computed":true},"call_admission_control":{"type":"string","description_kind":"plain","optional":true,"computed":true},"call_capacity":{"type":"number","description_kind":"plain","optional":true,"computed":true},"comment":{"type":"string","description_kind":"plain","optional":true,"computed":true},"downlink":{"type":"number","description_kind":"plain","optional":true,"computed":true},"downlink_sta":{"type":"number","description_kind":"plain","optional":true,"computed":true},"dscp_wmm_be":{"type":["set","number"],"description_kind":"plain","optional":true,"computed":true},"dscp_wmm_bk":{"type":["set","number"],"description_kind":"plain","optional":true,"computed":true},"dscp_wmm_mapping":{"type":"string","description_kind":"plain","optional":true,"computed":true},"dscp_wmm_vi":{"type":["set","number"],"description_kind":"plain","optional":true,"computed":true},"dscp_wmm_vo":{"type":["set","number"],"description_kind":"plain","optional":true,"computed":true},"id":{"type":"string","description_kind":"plain","optional":true,"computed":true},"name":{"type":"string","description_kind":"plain","optional":true,"computed":true},"scopetype":{"type":"string","description_kind":"plain","optional":true},"uplink":{"type":"number","description_kind":"plain","optional":true,"computed":true},"uplink_sta":{"type":"number","description_kind":"plain","optional":true,"computed":true},"wmm":{"type":"string","description_kind":"plain","optional":true,"computed":true},"wmm_be_dscp":{"type":"number","description_kind":"plain","optional":true,"computed":true},"wmm_bk_dscp":{"type":"number","description_kind":"plain","optional":true,"computed":true},"wmm_dscp_marking":{"type":"string","description_kind":"plain","optional":true,"computed":true},"wmm_uapsd":{"type":"string","description_kind":"plain","optional":true,"computed":true},"wmm_vi_dscp":{"type":"number","description_kind":"plain","optional":true,"computed":true},"wmm_vo_dscp":{"type":"number","description_kind":"plain","optional":true,"computed":true}},"description_kind":"plain"}},"fortimanager_object_wirelesscontroller_utmprofile":{"version":0,"block":{"attributes":{"adom":{"type":"string","description_kind":"plain","optional":true},"antivirus_profile":{"type":"string","description_kind":"plain","optional":true,"computed":true},"application_list":{"type":"string","description_kind":"plain","optional":true,"computed":true},"comment":{"type":"string","description_kind":"plain","optional":true,"computed":true},"id":{"type":"string","description_kind":"plain","optional":true,"computed":true},"ips_sensor":{"type":"string","description_kind":"plain","optional":true,"computed":true},"name":{"type":"string","description_kind":"plain","optional":true,"computed":true},"scan_botnet_connections":{"type":"string","description_kind":"plain","optional":true,"computed":true},"scopetype":{"type":"string","description_kind":"plain","optional":true},"utm_log":{"type":"string","description_kind":"plain","optional":true,"computed":true},"webfilter_profile":{"type":"string","description_kind":"plain","optional":true,"computed":true}},"description_kind":"plain"}},"fortimanager_object_wirelesscontroller_vap":{"version":0,"block":{"attributes":{"_centmgmt":{"type":"string","description_kind":"plain","optional":true,"computed":true},"_dhcp_svr_id":{"type":"string","description_kind":"plain","optional":true,"computed":true},"_intf_allowaccess":{"type":["set","string"],"description_kind":"plain","optional":true,"computed":true},"_intf_device_access_list":{"type":"string","description_kind":"plain","optional":true,"computed":true},"_intf_device_identification":{"type":"string","description_kind":"plain","optional":true,"computed":true},"_intf_device_netscan":{"type":"string","description_kind":"plain","optional":true,"computed":true},"_intf_dhcp6_relay_ip":{"type":"string","description_kind":"plain","optional":true,"computed":true},"_intf_dhcp6_relay_service":{"type":"string","description_kind":"plain","optional":true,"computed":true},"_intf_dhcp6_relay_type":{"type":"string","description_kind":"plain","optional":true,"computed":true},"_intf_dhcp_relay_ip":{"type":["set","string"],"description_kind":"plain","optional":true,"computed":true},"_intf_dhcp_relay_service":{"type":"string","description_kind":"plain","optional":true,"computed":true},"_intf_dhcp_relay_type":{"type":"string","description_kind":"plain","optional":true,"computed":true},"_intf_ip":{"type":"string","description_kind":"plain","optional":true,"computed":true},"_intf_ip6_address":{"type":"string","description_kind":"plain","optional":true,"computed":true},"_intf_ip6_allowaccess":{"type":["set","string"],"description_kind":"plain","optional":true,"computed":true},"_intf_listen_forticlient_connection":{"type":"string","description_kind":"plain","optional":true,"computed":true},"access_control_list":{"type":"string","description_kind":"plain","optional":true,"computed":true},"acct_interim_interval":{"type":"number","description_kind":"plain","optional":true,"computed":true},"additional_akms":{"type":["set","string"],"description_kind":"plain","optional":true,"computed":true},"address_group":{"type":"string","description_kind":"plain","optional":true,"computed":true},"adom":{"type":"string","description_kind":"plain","optional":true},"alias":{"type":"string","description_kind":"plain","optional":true,"computed":true},"atf_weight":{"type":"number","description_kind":"plain","optional":true,"computed":true},"auth":{"type":"string","description_kind":"plain","optional":true,"computed":true},"broadcast_ssid":{"type":"string","description_kind":"plain","optional":true,"computed":true},"broadcast_suppression":{"type":["set","string"],"description_kind":"plain","optional":true,"computed":true},"bss_color_partial":{"type":"string","description_kind":"plain","optional":true,"computed":true},"bstm_disassociation_imminent":{"type":"string","description_kind":"plain","optional":true,"computed":true},"bstm_load_balancing_disassoc_timer":{"type":"number","description_kind":"plain","optional":true,"computed":true},"bstm_rssi_disassoc_timer":{"type":"number","description_kind":"plain","optional":true,"computed":true},"captive_portal_ac_name":{"type":"string","description_kind":"plain","optional":true,"computed":true},"captive_portal_auth_timeout":{"type":"number","description_kind":"plain","optional":true,"computed":true},"captive_portal_macauth_radius_secret":{"type":["set","string"],"description_kind":"plain","optional":true,"computed":true},"captive_portal_macauth_radius_server":{"type":"string","description_kind":"plain","optional":true,"computed":true},"captive_portal_radius_secret":{"type":["set","string"],"description_kind":"plain","optional":true,"computed":true},"captive_portal_radius_server":{"type":"string","description_kind":"plain","optional":true,"computed":true},"captive_portal_session_timeout_interval":{"type":"number","description_kind":"plain","optional":true,"computed":true},"dhcp_address_enforcement":{"type":"string","description_kind":"plain","optional":true,"computed":true},"dhcp_lease_time":{"type":"number","description_kind":"plain","optional":true,"computed":true},"dhcp_option43_insertion":{"type":"string","description_kind":"plain","optional":true,"computed":true},"dhcp_option82_circuit_id_insertion":{"type":"string","description_kind":"plain","optional":true,"computed":true},"dhcp_option82_insertion":{"type":"string","description_kind":"plain","optional":true,"computed":true},"dhcp_option82_remote_id_insertion":{"type":"string","description_kind":"plain","optional":true,"computed":true},"dynamic_sort_subtable":{"type":"string","description_kind":"plain","optional":true},"dynamic_vlan":{"type":"string","description_kind":"plain","optional":true,"computed":true},"eap_reauth":{"type":"string","description_kind":"plain","optional":true,"computed":true},"eap_reauth_intv":{"type":"number","description_kind":"plain","optional":true,"computed":true},"eapol_key_retries":{"type":"string","description_kind":"plain","optional":true,"computed":true},"encrypt":{"type":"string","description_kind":"plain","optional":true,"computed":true},"external_fast_roaming":{"type":"string","description_kind":"plain","optional":true,"computed":true},"external_logout":{"type":"string","description_kind":"plain","optional":true,"computed":true},"external_web":{"type":"string","description_kind":"plain","optional":true,"computed":true},"external_web_format":{"type":"string","description_kind":"plain","optional":true,"computed":true},"fast_bss_transition":{"type":"string","description_kind":"plain","optional":true,"computed":true},"fast_roaming":{"type":"string","description_kind":"plain","optional":true,"computed":true},"ft_mobility_domain":{"type":"number","description_kind":"plain","optional":true,"computed":true},"ft_over_ds":{"type":"string","description_kind":"plain","optional":true,"computed":true},"ft_r0_key_lifetime":{"type":"number","description_kind":"plain","optional":true,"computed":true},"gas_comeback_delay":{"type":"number","description_kind":"plain","optional":true,"computed":true},"gas_fragmentation_limit":{"type":"number","description_kind":"plain","optional":true,"computed":true},"gtk_rekey":{"type":"string","description_kind":"plain","optional":true,"computed":true},"gtk_rekey_intv":{"type":"number","description_kind":"plain","optional":true,"computed":true},"high_efficiency":{"type":"string","description_kind":"plain","optional":true,"computed":true},"hotspot20_profile":{"type":"string","description_kind":"plain","optional":true,"computed":true},"id":{"type":"string","description_kind":"plain","optional":true,"computed":true},"igmp_snooping":{"type":"string","description_kind":"plain","optional":true,"computed":true},"intra_vap_privacy":{"type":"string","description_kind":"plain","optional":true,"computed":true},"ip":{"type":"string","description_kind":"plain","optional":true,"computed":true},"ipv6_rules":{"type":["set","string"],"description_kind":"plain","optional":true,"computed":true},"key":{"type":["set","string"],"description_kind":"plain","optional":true,"computed":true},"keyindex":{"type":"number","description_kind":"plain","optional":true,"computed":true},"ldpc":{"type":"string","description_kind":"plain","optional":true,"computed":true},"local_authentication":{"type":"string","description_kind":"plain","optional":true,"computed":true},"local_bridging":{"type":"string","description_kind":"plain","optional":true,"computed":true},"local_lan":{"type":"string","description_kind":"plain","optional":true,"computed":true},"local_standalone":{"type":"string","description_kind":"plain","optional":true,"computed":true},"local_standalone_nat":{"type":"string","description_kind":"plain","optional":true,"computed":true},"mac_auth_bypass":{"type":"string","description_kind":"plain","optional":true,"computed":true},"mac_called_station_delimiter":{"type":"string","description_kind":"plain","optional":true,"computed":true},"mac_calling_station_delimiter":{"type":"string","description_kind":"plain","optional":true,"computed":true},"mac_case":{"type":"string","description_kind":"plain","optional":true,"computed":true},"mac_filter":{"type":"string","description_kind":"plain","optional":true,"computed":true},"mac_filter_policy_other":{"type":"string","description_kind":"plain","optional":true,"computed":true},"mac_password_delimiter":{"type":"string","description_kind":"plain","optional":true,"computed":true},"mac_username_delimiter":{"type":"string","description_kind":"plain","optional":true,"computed":true},"max_clients":{"type":"number","description_kind":"plain","optional":true,"computed":true},"max_clients_ap":{"type":"number","description_kind":"plain","optional":true,"computed":true},"mbo":{"type":"string","description_kind":"plain","optional":true,"computed":true},"mbo_cell_data_conn_pref":{"type":"string","description_kind":"plain","optional":true,"computed":true},"me_disable_thresh":{"type":"number","description_kind":"plain","optional":true,"computed":true},"mesh_backhaul":{"type":"string","description_kind":"plain","optional":true,"computed":true},"mpsk":{"type":"string","description_kind":"plain","optional":true,"computed":true},"mpsk_concurrent_clients":{"type":"number","description_kind":"plain","optional":true,"computed":true},"mpsk_profile":{"type":"string","description_kind":"plain","optional":true,"computed":true},"mu_mimo":{"type":"string","description_kind":"plain","optional":true,"computed":true},"multicast_enhance":{"type":"string","description_kind":"plain","optional":true,"computed":true},"multicast_rate":{"type":"string","description_kind":"plain","optional":true,"computed":true},"nac":{"type":"string","description_kind":"plain","optional":true,"computed":true},"nac_profile":{"type":"string","description_kind":"plain","optional":true,"computed":true},"name":{"type":"string","description_kind":"plain","optional":true,"computed":true},"neighbor_report_dual_band":{"type":"string","description_kind":"plain","optional":true,"computed":true},"okc":{"type":"string","description_kind":"plain","optional":true,"computed":true},"owe_groups":{"type":["set","string"],"description_kind":"plain","optional":true,"computed":true},"owe_transition":{"type":"string","description_kind":"plain","optional":true,"computed":true},"owe_transition_ssid":{"type":"string","description_kind":"plain","optional":true,"computed":true},"passphrase":{"type":["set","string"],"description_kind":"plain","optional":true,"computed":true},"pmf":{"type":"string","description_kind":"plain","optional":true,"computed":true},"pmf_assoc_comeback_timeout":{"type":"number","description_kind":"plain","optional":true,"computed":true},"pmf_sa_query_retry_timeout":{"type":"number","description_kind":"plain","optional":true,"computed":true},"port_macauth":{"type":"string","description_kind":"plain","optional":true,"computed":true},"port_macauth_reauth_timeout":{"type":"number","description_kind":"plain","optional":true,"computed":true},"port_macauth_timeout":{"type":"number","description_kind":"plain","optional":true,"computed":true},"portal_message_override_group":{"type":"string","description_kind":"plain","optional":true,"computed":true},"portal_type":{"type":"string","description_kind":"plain","optional":true,"computed":true},"primary_wag_profile":{"type":"string","description_kind":"plain","optional":true,"computed":true},"probe_resp_suppression":{"type":"string","description_kind":"plain","optional":true,"computed":true},"probe_resp_threshold":{"type":"string","description_kind":"plain","optional":true,"computed":true},"ptk_rekey":{"type":"string","description_kind":"plain","optional":true,"computed":true},"ptk_rekey_intv":{"type":"number","description_kind":"plain","optional":true,"computed":true},"qos_profile":{"type":"string","description_kind":"plain","optional":true,"computed":true},"quarantine":{"type":"string","description_kind":"plain","optional":true,"computed":true},"radio_2g_threshold":{"type":"string","description_kind":"plain","optional":true,"computed":true},"radio_5g_threshold":{"type":"string","description_kind":"plain","optional":true,"computed":true},"radio_sensitivity":{"type":"string","description_kind":"plain","optional":true,"computed":true},"radius_mac_auth":{"type":"string","description_kind":"plain","optional":true,"computed":true},"radius_mac_auth_server":{"type":"string","description_kind":"plain","optional":true,"computed":true},"radius_mac_auth_usergroups":{"type":["set","string"],"description_kind":"plain","optional":true,"computed":true},"radius_server":{"type":"string","description_kind":"plain","optional":true,"computed":true},"rates_11a":{"type":["set","string"],"description_kind":"plain","optional":true,"computed":true},"rates_11ac_ss12":{"type":["set","string"],"description_kind":"plain","optional":true,"computed":true},"rates_11ac_ss34":{"type":["set","string"],"description_kind":"plain","optional":true,"computed":true},"rates_11bg":{"type":["set","string"],"description_kind":"plain","optional":true,"computed":true},"rates_11n_ss12":{"type":["set","string"],"description_kind":"plain","optional":true,"computed":true},"rates_11n_ss34":{"type":["set","string"],"description_kind":"plain","optional":true,"computed":true},"sae_groups":{"type":["set","string"],"description_kind":"plain","optional":true,"computed":true},"sae_password":{"type":["set","string"],"description_kind":"plain","optional":true,"computed":true},"schedule":{"type":["list","string"],"description_kind":"plain","optional":true,"computed":true},"scopetype":{"type":"string","description_kind":"plain","optional":true},"secondary_wag_profile":{"type":"string","description_kind":"plain","optional":true,"computed":true},"security":{"type":"string","description_kind":"plain","optional":true,"computed":true},"security_exempt_list":{"type":"string","description_kind":"plain","optional":true,"computed":true},"security_obsolete_option":{"type":"string","description_kind":"plain","optional":true,"computed":true},"security_redirect_url":{"type":"string","description_kind":"plain","optional":true,"computed":true},"selected_usergroups":{"type":"string","description_kind":"plain","optional":true,"computed":true},"split_tunneling":{"type":"string","description_kind":"plain","optional":true,"computed":true},"ssid":{"type":"string","description_kind":"plain","optional":true,"computed":true},"sticky_client_remove":{"type":"string","description_kind":"plain","optional":true,"computed":true},"sticky_client_threshold_2g":{"type":"string","description_kind":"plain","optional":true,"computed":true},"sticky_client_threshold_5g":{"type":"string","description_kind":"plain","optional":true,"computed":true},"target_wake_time":{"type":"string","description_kind":"plain","optional":true,"computed":true},"tkip_counter_measure":{"type":"string","description_kind":"plain","optional":true,"computed":true},"tunnel_echo_interval":{"type":"number","description_kind":"plain","optional":true,"computed":true},"tunnel_fallback_interval":{"type":"number","description_kind":"plain","optional":true,"computed":true},"usergroup":{"type":"string","description_kind":"plain","optional":true,"computed":true},"utm_profile":{"type":"string","description_kind":"plain","optional":true,"computed":true},"vlan_auto":{"type":"string","description_kind":"plain","optional":true,"computed":true},"vlan_pooling":{"type":"string","description_kind":"plain","optional":true,"computed":true},"vlanid":{"type":"number","description_kind":"plain","optional":true,"computed":true},"voice_enterprise":{"type":"string","description_kind":"plain","optional":true,"computed":true}},"block_types":{"dynamic_mapping":{"nesting_mode":"list","block":{"attributes":{"_centmgmt":{"type":"string","description_kind":"plain","optional":true,"computed":true},"_dhcp_svr_id":{"type":"string","description_kind":"plain","optional":true,"computed":true},"_intf_allowaccess":{"type":["set","string"],"description_kind":"plain","optional":true,"computed":true},"_intf_device_access_list":{"type":"string","description_kind":"plain","optional":true,"computed":true},"_intf_device_identification":{"type":"string","description_kind":"plain","optional":true,"computed":true},"_intf_device_netscan":{"type":"string","description_kind":"plain","optional":true,"computed":true},"_intf_dhcp6_relay_ip":{"type":"string","description_kind":"plain","optional":true,"computed":true},"_intf_dhcp6_relay_service":{"type":"string","description_kind":"plain","optional":true,"computed":true},"_intf_dhcp6_relay_type":{"type":"string","description_kind":"plain","optional":true,"computed":true},"_intf_dhcp_relay_ip":{"type":["set","string"],"description_kind":"plain","optional":true,"computed":true},"_intf_dhcp_relay_service":{"type":"string","description_kind":"plain","optional":true,"computed":true},"_intf_dhcp_relay_type":{"type":"string","description_kind":"plain","optional":true,"computed":true},"_intf_ip":{"type":"string","description_kind":"plain","optional":true,"computed":true},"_intf_ip6_address":{"type":"string","description_kind":"plain","optional":true,"computed":true},"_intf_ip6_allowaccess":{"type":["set","string"],"description_kind":"plain","optional":true,"computed":true},"_intf_listen_forticlient_connection":{"type":"string","description_kind":"plain","optional":true,"computed":true},"access_control_list":{"type":"string","description_kind":"plain","optional":true,"computed":true},"acct_interim_interval":{"type":"number","description_kind":"plain","optional":true,"computed":true},"additional_akms":{"type":["set","string"],"description_kind":"plain","optional":true,"computed":true},"address_group":{"type":"string","description_kind":"plain","optional":true,"computed":true},"alias":{"type":"string","description_kind":"plain","optional":true,"computed":true},"atf_weight":{"type":"number","description_kind":"plain","optional":true,"computed":true},"auth":{"type":"string","description_kind":"plain","optional":true,"computed":true},"broadcast_ssid":{"type":"string","description_kind":"plain","optional":true,"computed":true},"broadcast_suppression":{"type":["set","string"],"description_kind":"plain","optional":true,"computed":true},"bss_color_partial":{"type":"string","description_kind":"plain","optional":true,"computed":true},"bstm_disassociation_imminent":{"type":"string","description_kind":"plain","optional":true,"computed":true},"bstm_load_balancing_disassoc_timer":{"type":"number","description_kind":"plain","optional":true,"computed":true},"bstm_rssi_disassoc_timer":{"type":"number","description_kind":"plain","optional":true,"computed":true},"captive_portal_ac_name":{"type":"string","description_kind":"plain","optional":true,"computed":true},"captive_portal_auth_timeout":{"type":"number","description_kind":"plain","optional":true,"computed":true},"captive_portal_macauth_radius_secret":{"type":["set","string"],"description_kind":"plain","optional":true,"computed":true},"captive_portal_macauth_radius_server":{"type":"string","description_kind":"plain","optional":true,"computed":true},"captive_portal_radius_secret":{"type":["set","string"],"description_kind":"plain","optional":true,"computed":true},"captive_portal_radius_server":{"type":"string","description_kind":"plain","optional":true,"computed":true},"captive_portal_session_timeout_interval":{"type":"number","description_kind":"plain","optional":true,"computed":true},"client_count":{"type":"number","description_kind":"plain","optional":true,"computed":true},"dhcp_address_enforcement":{"type":"string","description_kind":"plain","optional":true,"computed":true},"dhcp_lease_time":{"type":"number","description_kind":"plain","optional":true,"computed":true},"dhcp_option43_insertion":{"type":"string","description_kind":"plain","optional":true,"computed":true},"dhcp_option82_circuit_id_insertion":{"type":"string","description_kind":"plain","optional":true,"computed":true},"dhcp_option82_insertion":{"type":"string","description_kind":"plain","optional":true,"computed":true},"dhcp_option82_remote_id_insertion":{"type":"string","description_kind":"plain","optional":true,"computed":true},"dynamic_vlan":{"type":"string","description_kind":"plain","optional":true,"computed":true},"eap_reauth":{"type":"string","description_kind":"plain","optional":true,"computed":true},"eap_reauth_intv":{"type":"number","description_kind":"plain","optional":true,"computed":true},"eapol_key_retries":{"type":"string","description_kind":"plain","optional":true,"computed":true},"encrypt":{"type":"string","description_kind":"plain","optional":true,"computed":true},"external_fast_roaming":{"type":"string","description_kind":"plain","optional":true,"computed":true},"external_logout":{"type":"string","description_kind":"plain","optional":true,"computed":true},"external_web":{"type":"string","description_kind":"plain","optional":true,"computed":true},"external_web_format":{"type":"string","description_kind":"plain","optional":true,"computed":true},"fast_bss_transition":{"type":"string","description_kind":"plain","optional":true,"computed":true},"fast_roaming":{"type":"string","description_kind":"plain","optional":true,"computed":true},"ft_mobility_domain":{"type":"number","description_kind":"plain","optional":true,"computed":true},"ft_over_ds":{"type":"string","description_kind":"plain","optional":true,"computed":true},"ft_r0_key_lifetime":{"type":"number","description_kind":"plain","optional":true,"computed":true},"gas_comeback_delay":{"type":"number","description_kind":"plain","optional":true,"computed":true},"gas_fragmentation_limit":{"type":"number","description_kind":"plain","optional":true,"computed":true},"gtk_rekey":{"type":"string","description_kind":"plain","optional":true,"computed":true},"gtk_rekey_intv":{"type":"number","description_kind":"plain","optional":true,"computed":true},"high_efficiency":{"type":"string","description_kind":"plain","optional":true,"computed":true},"hotspot20_profile":{"type":"string","description_kind":"plain","optional":true,"computed":true},"igmp_snooping":{"type":"string","description_kind":"plain","optional":true,"computed":true},"intra_vap_privacy":{"type":"string","description_kind":"plain","optional":true,"computed":true},"ip":{"type":"string","description_kind":"plain","optional":true,"computed":true},"ipv6_rules":{"type":["set","string"],"description_kind":"plain","optional":true,"computed":true},"key":{"type":["set","string"],"description_kind":"plain","optional":true,"computed":true},"keyindex":{"type":"number","description_kind":"plain","optional":true,"computed":true},"ldpc":{"type":"string","description_kind":"plain","optional":true,"computed":true},"local_authentication":{"type":"string","description_kind":"plain","optional":true,"computed":true},"local_bridging":{"type":"string","description_kind":"plain","optional":true,"computed":true},"local_lan":{"type":"string","description_kind":"plain","optional":true,"computed":true},"local_standalone":{"type":"string","description_kind":"plain","optional":true,"computed":true},"local_standalone_nat":{"type":"string","description_kind":"plain","optional":true,"computed":true},"local_switching":{"type":"string","description_kind":"plain","optional":true,"computed":true},"mac_auth_bypass":{"type":"string","description_kind":"plain","optional":true,"computed":true},"mac_called_station_delimiter":{"type":"string","description_kind":"plain","optional":true,"computed":true},"mac_calling_station_delimiter":{"type":"string","description_kind":"plain","optional":true,"computed":true},"mac_case":{"type":"string","description_kind":"plain","optional":true,"computed":true},"mac_filter":{"type":"string","description_kind":"plain","optional":true,"computed":true},"mac_filter_policy_other":{"type":"string","description_kind":"plain","optional":true,"computed":true},"mac_password_delimiter":{"type":"string","description_kind":"plain","optional":true,"computed":true},"mac_username_delimiter":{"type":"string","description_kind":"plain","optional":true,"computed":true},"max_clients":{"type":"number","description_kind":"plain","optional":true,"computed":true},"max_clients_ap":{"type":"number","description_kind":"plain","optional":true,"computed":true},"mbo":{"type":"string","description_kind":"plain","optional":true,"computed":true},"mbo_cell_data_conn_pref":{"type":"string","description_kind":"plain","optional":true,"computed":true},"me_disable_thresh":{"type":"number","description_kind":"plain","optional":true,"computed":true},"mesh_backhaul":{"type":"string","description_kind":"plain","optional":true,"computed":true},"mpsk":{"type":"string","description_kind":"plain","optional":true,"computed":true},"mpsk_concurrent_clients":{"type":"number","description_kind":"plain","optional":true,"computed":true},"mpsk_profile":{"type":"string","description_kind":"plain","optional":true,"computed":true},"mu_mimo":{"type":"string","description_kind":"plain","optional":true,"computed":true},"multicast_enhance":{"type":"string","description_kind":"plain","optional":true,"computed":true},"multicast_rate":{"type":"string","description_kind":"plain","optional":true,"computed":true},"nac":{"type":"string","description_kind":"plain","optional":true,"computed":true},"nac_profile":{"type":"string","description_kind":"plain","optional":true,"computed":true},"neighbor_report_dual_band":{"type":"string","description_kind":"plain","optional":true,"computed":true},"okc":{"type":"string","description_kind":"plain","optional":true,"computed":true},"owe_groups":{"type":["set","string"],"description_kind":"plain","optional":true,"computed":true},"owe_transition":{"type":"string","description_kind":"plain","optional":true,"computed":true},"owe_transition_ssid":{"type":"string","description_kind":"plain","optional":true,"computed":true},"passphrase":{"type":["set","string"],"description_kind":"plain","optional":true,"computed":true},"pmf":{"type":"string","description_kind":"plain","optional":true,"computed":true},"pmf_assoc_comeback_timeout":{"type":"number","description_kind":"plain","optional":true,"computed":true},"pmf_sa_query_retry_timeout":{"type":"number","description_kind":"plain","optional":true,"computed":true},"port_macauth":{"type":"string","description_kind":"plain","optional":true,"computed":true},"port_macauth_reauth_timeout":{"type":"number","description_kind":"plain","optional":true,"computed":true},"port_macauth_timeout":{"type":"number","description_kind":"plain","optional":true,"computed":true},"portal_message_override_group":{"type":"string","description_kind":"plain","optional":true,"computed":true},"portal_type":{"type":"string","description_kind":"plain","optional":true,"computed":true},"primary_wag_profile":{"type":"string","description_kind":"plain","optional":true,"computed":true},"probe_resp_suppression":{"type":"string","description_kind":"plain","optional":true,"computed":true},"probe_resp_threshold":{"type":"string","description_kind":"plain","optional":true,"computed":true},"ptk_rekey":{"type":"string","description_kind":"plain","optional":true,"computed":true},"ptk_rekey_intv":{"type":"number","description_kind":"plain","optional":true,"computed":true},"qos_profile":{"type":"string","description_kind":"plain","optional":true,"computed":true},"quarantine":{"type":"string","description_kind":"plain","optional":true,"computed":true},"radio_2g_threshold":{"type":"string","description_kind":"plain","optional":true,"computed":true},"radio_5g_threshold":{"type":"string","description_kind":"plain","optional":true,"computed":true},"radio_sensitivity":{"type":"string","description_kind":"plain","optional":true,"computed":true},"radius_mac_auth":{"type":"string","description_kind":"plain","optional":true,"computed":true},"radius_mac_auth_server":{"type":"string","description_kind":"plain","optional":true,"computed":true},"radius_mac_auth_usergroups":{"type":["set","string"],"description_kind":"plain","optional":true,"computed":true},"radius_server":{"type":"string","description_kind":"plain","optional":true,"computed":true},"rates_11a":{"type":["set","string"],"description_kind":"plain","optional":true,"computed":true},"rates_11ac_ss12":{"type":["set","string"],"description_kind":"plain","optional":true,"computed":true},"rates_11ac_ss34":{"type":["set","string"],"description_kind":"plain","optional":true,"computed":true},"rates_11bg":{"type":["set","string"],"description_kind":"plain","optional":true,"computed":true},"rates_11n_ss12":{"type":["set","string"],"description_kind":"plain","optional":true,"computed":true},"rates_11n_ss34":{"type":["set","string"],"description_kind":"plain","optional":true,"computed":true},"sae_groups":{"type":["set","string"],"description_kind":"plain","optional":true,"computed":true},"sae_password":{"type":["set","string"],"description_kind":"plain","optional":true,"computed":true},"schedule":{"type":"string","description_kind":"plain","optional":true,"computed":true},"secondary_wag_profile":{"type":"string","description_kind":"plain","optional":true,"computed":true},"security":{"type":"string","description_kind":"plain","optional":true,"computed":true},"security_exempt_list":{"type":"string","description_kind":"plain","optional":true,"computed":true},"security_obsolete_option":{"type":"string","description_kind":"plain","optional":true,"computed":true},"security_redirect_url":{"type":"string","description_kind":"plain","optional":true,"computed":true},"selected_usergroups":{"type":"string","description_kind":"plain","optional":true,"computed":true},"split_tunneling":{"type":"string","description_kind":"plain","optional":true,"computed":true},"ssid":{"type":"string","description_kind":"plain","optional":true,"computed":true},"sticky_client_remove":{"type":"string","description_kind":"plain","optional":true,"computed":true},"sticky_client_threshold_2g":{"type":"string","description_kind":"plain","optional":true,"computed":true},"sticky_client_threshold_5g":{"type":"string","description_kind":"plain","optional":true,"computed":true},"target_wake_time":{"type":"string","description_kind":"plain","optional":true,"computed":true},"tkip_counter_measure":{"type":"string","description_kind":"plain","optional":true,"computed":true},"tunnel_echo_interval":{"type":"number","description_kind":"plain","optional":true,"computed":true},"tunnel_fallback_interval":{"type":"number","description_kind":"plain","optional":true,"computed":true},"usergroup":{"type":"string","description_kind":"plain","optional":true,"computed":true},"utm_profile":{"type":"string","description_kind":"plain","optional":true,"computed":true},"vdom":{"type":"string","description_kind":"plain","optional":true,"computed":true},"vlan_auto":{"type":"string","description_kind":"plain","optional":true,"computed":true},"vlan_pooling":{"type":"string","description_kind":"plain","optional":true,"computed":true},"vlanid":{"type":"number","description_kind":"plain","optional":true,"computed":true},"voice_enterprise":{"type":"string","description_kind":"plain","optional":true,"computed":true}},"block_types":{"_scope":{"nesting_mode":"list","block":{"attributes":{"name":{"type":"string","description_kind":"plain","optional":true,"computed":true},"vdom":{"type":"string","description_kind":"plain","optional":true,"computed":true}},"description_kind":"plain"}}},"description_kind":"plain"}},"mac_filter_list":{"nesting_mode":"list","block":{"attributes":{"id":{"type":"number","description_kind":"plain","optional":true,"computed":true},"mac":{"type":"string","description_kind":"plain","optional":true,"computed":true},"mac_filter_policy":{"type":"string","description_kind":"plain","optional":true,"computed":true}},"description_kind":"plain"}},"mpsk_key":{"nesting_mode":"list","block":{"attributes":{"comment":{"type":"string","description_kind":"plain","optional":true,"computed":true},"concurrent_clients":{"type":"string","description_kind":"plain","optional":true,"computed":true},"key_name":{"type":"string","description_kind":"plain","optional":true,"computed":true},"mpsk_schedules":{"type":"string","description_kind":"plain","optional":true,"computed":true},"passphrase":{"type":["set","string"],"description_kind":"plain","optional":true,"computed":true}},"description_kind":"plain"}},"portal_message_overrides":{"nesting_mode":"list","block":{"attributes":{"auth_disclaimer_page":{"type":"string","description_kind":"plain","optional":true,"computed":true},"auth_login_failed_page":{"type":"string","description_kind":"plain","optional":true,"computed":true},"auth_login_page":{"type":"string","description_kind":"plain","optional":true,"computed":true},"auth_reject_page":{"type":"string","description_kind":"plain","optional":true,"computed":true}},"description_kind":"plain"},"max_items":1},"vlan_pool":{"nesting_mode":"list","block":{"attributes":{"_wtp_group":{"type":"string","description_kind":"plain","optional":true,"computed":true},"id":{"type":"number","description_kind":"plain","optional":true,"computed":true}},"description_kind":"plain"}}},"description_kind":"plain"}},"fortimanager_object_wirelesscontroller_vapgroup":{"version":0,"block":{"attributes":{"adom":{"type":"string","description_kind":"plain","optional":true},"comment":{"type":"string","description_kind":"plain","optional":true,"computed":true},"id":{"type":"string","description_kind":"plain","optional":true,"computed":true},"name":{"type":"string","description_kind":"plain","optional":true,"computed":true},"scopetype":{"type":"string","description_kind":"plain","optional":true},"vaps":{"type":["list","string"],"description_kind":"plain","optional":true,"computed":true}},"description_kind":"plain"}},"fortimanager_object_wirelesscontroller_wagprofile":{"version":0,"block":{"attributes":{"adom":{"type":"string","description_kind":"plain","optional":true},"comment":{"type":"string","description_kind":"plain","optional":true,"computed":true},"dhcp_ip_addr":{"type":"string","description_kind":"plain","optional":true,"computed":true},"id":{"type":"string","description_kind":"plain","optional":true,"computed":true},"name":{"type":"string","description_kind":"plain","optional":true,"computed":true},"ping_interval":{"type":"number","description_kind":"plain","optional":true,"computed":true},"ping_number":{"type":"number","description_kind":"plain","optional":true,"computed":true},"return_packet_timeout":{"type":"number","description_kind":"plain","optional":true,"computed":true},"scopetype":{"type":"string","description_kind":"plain","optional":true},"tunnel_type":{"type":"string","description_kind":"plain","optional":true,"computed":true},"wag_ip":{"type":"string","description_kind":"plain","optional":true,"computed":true},"wag_port":{"type":"number","description_kind":"plain","optional":true,"computed":true}},"description_kind":"plain"}},"fortimanager_object_wirelesscontroller_widsprofile":{"version":0,"block":{"attributes":{"adom":{"type":"string","description_kind":"plain","optional":true},"ap_auto_suppress":{"type":"string","description_kind":"plain","optional":true,"computed":true},"ap_bgscan_disable_day":{"type":["set","string"],"description_kind":"plain","optional":true,"computed":true},"ap_bgscan_disable_end":{"type":"string","description_kind":"plain","optional":true,"computed":true},"ap_bgscan_disable_schedules":{"type":["list","string"],"description_kind":"plain","optional":true,"computed":true},"ap_bgscan_disable_start":{"type":"string","description_kind":"plain","optional":true,"computed":true},"ap_bgscan_duration":{"type":"number","description_kind":"plain","optional":true,"computed":true},"ap_bgscan_idle":{"type":"number","description_kind":"plain","optional":true,"computed":true},"ap_bgscan_intv":{"type":"number","description_kind":"plain","optional":true,"computed":true},"ap_bgscan_period":{"type":"number","description_kind":"plain","optional":true,"computed":true},"ap_bgscan_report_intv":{"type":"number","description_kind":"plain","optional":true,"computed":true},"ap_fgscan_report_intv":{"type":"number","description_kind":"plain","optional":true,"computed":true},"ap_scan":{"type":"string","description_kind":"plain","optional":true,"computed":true},"ap_scan_passive":{"type":"string","description_kind":"plain","optional":true,"computed":true},"ap_scan_threshold":{"type":"string","description_kind":"plain","optional":true,"computed":true},"asleap_attack":{"type":"string","description_kind":"plain","optional":true,"computed":true},"assoc_flood_thresh":{"type":"number","description_kind":"plain","optional":true,"computed":true},"assoc_flood_time":{"type":"number","description_kind":"plain","optional":true,"computed":true},"assoc_frame_flood":{"type":"string","description_kind":"plain","optional":true,"computed":true},"auth_flood_thresh":{"type":"number","description_kind":"plain","optional":true,"computed":true},"auth_flood_time":{"type":"number","description_kind":"plain","optional":true,"computed":true},"auth_frame_flood":{"type":"string","description_kind":"plain","optional":true,"computed":true},"comment":{"type":"string","description_kind":"plain","optional":true,"computed":true},"deauth_broadcast":{"type":"string","description_kind":"plain","optional":true,"computed":true},"deauth_unknown_src_thresh":{"type":"number","description_kind":"plain","optional":true,"computed":true},"eapol_fail_flood":{"type":"string","description_kind":"plain","optional":true,"computed":true},"eapol_fail_intv":{"type":"number","description_kind":"plain","optional":true,"computed":true},"eapol_fail_thresh":{"type":"number","description_kind":"plain","optional":true,"computed":true},"eapol_logoff_flood":{"type":"string","description_kind":"plain","optional":true,"computed":true},"eapol_logoff_intv":{"type":"number","description_kind":"plain","optional":true,"computed":true},"eapol_logoff_thresh":{"type":"number","description_kind":"plain","optional":true,"computed":true},"eapol_pre_fail_flood":{"type":"string","description_kind":"plain","optional":true,"computed":true},"eapol_pre_fail_intv":{"type":"number","description_kind":"plain","optional":true,"computed":true},"eapol_pre_fail_thresh":{"type":"number","description_kind":"plain","optional":true,"computed":true},"eapol_pre_succ_flood":{"type":"string","description_kind":"plain","optional":true,"computed":true},"eapol_pre_succ_intv":{"type":"number","description_kind":"plain","optional":true,"computed":true},"eapol_pre_succ_thresh":{"type":"number","description_kind":"plain","optional":true,"computed":true},"eapol_start_flood":{"type":"string","description_kind":"plain","optional":true,"computed":true},"eapol_start_intv":{"type":"number","description_kind":"plain","optional":true,"computed":true},"eapol_start_thresh":{"type":"number","description_kind":"plain","optional":true,"computed":true},"eapol_succ_flood":{"type":"string","description_kind":"plain","optional":true,"computed":true},"eapol_succ_intv":{"type":"number","description_kind":"plain","optional":true,"computed":true},"eapol_succ_thresh":{"type":"number","description_kind":"plain","optional":true,"computed":true},"id":{"type":"string","description_kind":"plain","optional":true,"computed":true},"invalid_mac_oui":{"type":"string","description_kind":"plain","optional":true,"computed":true},"long_duration_attack":{"type":"string","description_kind":"plain","optional":true,"computed":true},"long_duration_thresh":{"type":"number","description_kind":"plain","optional":true,"computed":true},"name":{"type":"string","description_kind":"plain","optional":true,"computed":true},"null_ssid_probe_resp":{"type":"string","description_kind":"plain","optional":true,"computed":true},"scopetype":{"type":"string","description_kind":"plain","optional":true},"sensor_mode":{"type":"string","description_kind":"plain","optional":true,"computed":true},"spoofed_deauth":{"type":"string","description_kind":"plain","optional":true,"computed":true},"weak_wep_iv":{"type":"string","description_kind":"plain","optional":true,"computed":true},"wireless_bridge":{"type":"string","description_kind":"plain","optional":true,"computed":true}},"description_kind":"plain"}},"fortimanager_object_wirelesscontroller_wtpprofile":{"version":0,"block":{"attributes":{"adom":{"type":"string","description_kind":"plain","optional":true},"allowaccess":{"type":["set","string"],"description_kind":"plain","optional":true,"computed":true},"ap_country":{"type":"string","description_kind":"plain","optional":true,"computed":true},"ap_handoff":{"type":"string","description_kind":"plain","optional":true,"computed":true},"apcfg_profile":{"type":"string","description_kind":"plain","optional":true,"computed":true},"ble_profile":{"type":"string","description_kind":"plain","optional":true,"computed":true},"comment":{"type":"string","description_kind":"plain","optional":true,"computed":true},"control_message_offload":{"type":["set","string"],"description_kind":"plain","optional":true,"computed":true},"dtls_in_kernel":{"type":"string","description_kind":"plain","optional":true,"computed":true},"dtls_policy":{"type":["set","string"],"description_kind":"plain","optional":true,"computed":true},"dynamic_sort_subtable":{"type":"string","description_kind":"plain","optional":true},"energy_efficient_ethernet":{"type":"string","description_kind":"plain","optional":true,"computed":true},"ext_info_enable":{"type":"string","description_kind":"plain","optional":true,"computed":true},"frequency_handoff":{"type":"string","description_kind":"plain","optional":true,"computed":true},"handoff_roaming":{"type":"string","description_kind":"plain","optional":true,"computed":true},"handoff_rssi":{"type":"number","description_kind":"plain","optional":true,"computed":true},"handoff_sta_thresh":{"type":"number","description_kind":"plain","optional":true,"computed":true},"id":{"type":"string","description_kind":"plain","optional":true,"computed":true},"ip_fragment_preventing":{"type":["set","string"],"description_kind":"plain","optional":true,"computed":true},"led_schedules":{"type":["list","string"],"description_kind":"plain","optional":true,"computed":true},"led_state":{"type":"string","description_kind":"plain","optional":true,"computed":true},"lldp":{"type":"string","description_kind":"plain","optional":true,"computed":true},"login_passwd":{"type":["set","string"],"description_kind":"plain","optional":true,"computed":true},"login_passwd_change":{"type":"string","description_kind":"plain","optional":true,"computed":true},"max_clients":{"type":"number","description_kind":"plain","optional":true,"computed":true},"name":{"type":"string","description_kind":"plain","optional":true,"computed":true},"poe_mode":{"type":"string","description_kind":"plain","optional":true,"computed":true},"scopetype":{"type":"string","description_kind":"plain","optional":true},"snmp":{"type":"string","description_kind":"plain","optional":true,"computed":true},"split_tunneling_acl_local_ap_subnet":{"type":"string","description_kind":"plain","optional":true,"computed":true},"split_tunneling_acl_path":{"type":"string","description_kind":"plain","optional":true,"computed":true},"tun_mtu_downlink":{"type":"number","description_kind":"plain","optional":true,"computed":true},"tun_mtu_uplink":{"type":"number","description_kind":"plain","optional":true,"computed":true},"wan_port_mode":{"type":"string","description_kind":"plain","optional":true,"computed":true}},"block_types":{"deny_mac_list":{"nesting_mode":"list","block":{"attributes":{"id":{"type":"number","description_kind":"plain","optional":true,"computed":true},"mac":{"type":"string","description_kind":"plain","optional":true,"computed":true}},"description_kind":"plain"}},"lan":{"nesting_mode":"list","block":{"attributes":{"port1_mode":{"type":"string","description_kind":"plain","optional":true,"computed":true},"port1_ssid":{"type":"string","description_kind":"plain","optional":true,"computed":true},"port2_mode":{"type":"string","description_kind":"plain","optional":true,"computed":true},"port2_ssid":{"type":"string","description_kind":"plain","optional":true,"computed":true},"port3_mode":{"type":"string","description_kind":"plain","optional":true,"computed":true},"port3_ssid":{"type":"string","description_kind":"plain","optional":true,"computed":true},"port4_mode":{"type":"string","description_kind":"plain","optional":true,"computed":true},"port4_ssid":{"type":"string","description_kind":"plain","optional":true,"computed":true},"port5_mode":{"type":"string","description_kind":"plain","optional":true,"computed":true},"port5_ssid":{"type":"string","description_kind":"plain","optional":true,"computed":true},"port6_mode":{"type":"string","description_kind":"plain","optional":true,"computed":true},"port6_ssid":{"type":"string","description_kind":"plain","optional":true,"computed":true},"port7_mode":{"type":"string","description_kind":"plain","optional":true,"computed":true},"port7_ssid":{"type":"string","description_kind":"plain","optional":true,"computed":true},"port8_mode":{"type":"string","description_kind":"plain","optional":true,"computed":true},"port8_ssid":{"type":"string","description_kind":"plain","optional":true,"computed":true},"port_esl_mode":{"type":"string","description_kind":"plain","optional":true,"computed":true},"port_esl_ssid":{"type":"string","description_kind":"plain","optional":true,"computed":true},"port_mode":{"type":"string","description_kind":"plain","optional":true,"computed":true},"port_ssid":{"type":"string","description_kind":"plain","optional":true,"computed":true}},"description_kind":"plain"},"max_items":1},"lbs":{"nesting_mode":"list","block":{"attributes":{"aeroscout":{"type":"string","description_kind":"plain","optional":true,"computed":true},"aeroscout_ap_mac":{"type":"string","description_kind":"plain","optional":true,"computed":true},"aeroscout_mmu_report":{"type":"string","description_kind":"plain","optional":true,"computed":true},"aeroscout_mu":{"type":"string","description_kind":"plain","optional":true,"computed":true},"aeroscout_mu_factor":{"type":"number","description_kind":"plain","optional":true,"computed":true},"aeroscout_mu_timeout":{"type":"number","description_kind":"plain","optional":true,"computed":true},"aeroscout_server_ip":{"type":"string","description_kind":"plain","optional":true,"computed":true},"aeroscout_server_port":{"type":"number","description_kind":"plain","optional":true,"computed":true},"ekahau_blink_mode":{"type":"string","description_kind":"plain","optional":true,"computed":true},"ekahau_tag":{"type":"string","description_kind":"plain","optional":true,"computed":true},"erc_server_ip":{"type":"string","description_kind":"plain","optional":true,"computed":true},"erc_server_port":{"type":"number","description_kind":"plain","optional":true,"computed":true},"fortipresence":{"type":"string","description_kind":"plain","optional":true,"computed":true},"fortipresence_ble":{"type":"string","description_kind":"plain","optional":true,"computed":true},"fortipresence_frequency":{"type":"number","description_kind":"plain","optional":true,"computed":true},"fortipresence_port":{"type":"number","description_kind":"plain","optional":true,"computed":true},"fortipresence_project":{"type":"string","description_kind":"plain","optional":true,"computed":true},"fortipresence_rogue":{"type":"string","description_kind":"plain","optional":true,"computed":true},"fortipresence_secret":{"type":["set","string"],"description_kind":"plain","optional":true,"computed":true},"fortipresence_server":{"type":"string","description_kind":"plain","optional":true,"computed":true},"fortipresence_unassoc":{"type":"string","description_kind":"plain","optional":true,"computed":true},"station_locate":{"type":"string","description_kind":"plain","optional":true,"computed":true}},"description_kind":"plain"},"max_items":1},"platform":{"nesting_mode":"list","block":{"attributes":{"_local_platform_str":{"type":"string","description_kind":"plain","optional":true,"computed":true},"ddscan":{"type":"string","description_kind":"plain","optional":true,"computed":true},"mode":{"type":"string","description_kind":"plain","optional":true,"computed":true},"type":{"type":"string","description_kind":"plain","optional":true,"computed":true}},"description_kind":"plain"},"max_items":1},"radio_1":{"nesting_mode":"list","block":{"attributes":{"airtime_fairness":{"type":"string","description_kind":"plain","optional":true,"computed":true},"amsdu":{"type":"string","description_kind":"plain","optional":true,"computed":true},"ap_sniffer_addr":{"type":"string","description_kind":"plain","optional":true,"computed":true},"ap_sniffer_bufsize":{"type":"number","description_kind":"plain","optional":true,"computed":true},"ap_sniffer_chan":{"type":"number","description_kind":"plain","optional":true,"computed":true},"ap_sniffer_ctl":{"type":"string","description_kind":"plain","optional":true,"computed":true},"ap_sniffer_data":{"type":"string","description_kind":"plain","optional":true,"computed":true},"ap_sniffer_mgmt_beacon":{"type":"string","description_kind":"plain","optional":true,"computed":true},"ap_sniffer_mgmt_other":{"type":"string","description_kind":"plain","optional":true,"computed":true},"ap_sniffer_mgmt_probe":{"type":"string","description_kind":"plain","optional":true,"computed":true},"auto_power_high":{"type":"number","description_kind":"plain","optional":true,"computed":true},"auto_power_level":{"type":"string","description_kind":"plain","optional":true,"computed":true},"auto_power_low":{"type":"number","description_kind":"plain","optional":true,"computed":true},"auto_power_target":{"type":"string","description_kind":"plain","optional":true,"computed":true},"band":{"type":"string","description_kind":"plain","optional":true,"computed":true},"band_5g_type":{"type":"string","description_kind":"plain","optional":true,"computed":true},"bandwidth_admission_control":{"type":"string","description_kind":"plain","optional":true,"computed":true},"bandwidth_capacity":{"type":"number","description_kind":"plain","optional":true,"computed":true},"beacon_interval":{"type":"number","description_kind":"plain","optional":true,"computed":true},"bss_color":{"type":"number","description_kind":"plain","optional":true,"computed":true},"call_admission_control":{"type":"string","description_kind":"plain","optional":true,"computed":true},"call_capacity":{"type":"number","description_kind":"plain","optional":true,"computed":true},"channel":{"type":["set","string"],"description_kind":"plain","optional":true,"computed":true},"channel_bonding":{"type":"string","description_kind":"plain","optional":true,"computed":true},"channel_utilization":{"type":"string","description_kind":"plain","optional":true,"computed":true},"coexistence":{"type":"string","description_kind":"plain","optional":true,"computed":true},"darrp":{"type":"string","description_kind":"plain","optional":true,"computed":true},"drma":{"type":"string","description_kind":"plain","optional":true,"computed":true},"drma_sensitivity":{"type":"string","description_kind":"plain","optional":true,"computed":true},"dtim":{"type":"number","description_kind":"plain","optional":true,"computed":true},"frag_threshold":{"type":"number","description_kind":"plain","optional":true,"computed":true},"iperf_protocol":{"type":"string","description_kind":"plain","optional":true,"computed":true},"iperf_server_port":{"type":"number","description_kind":"plain","optional":true,"computed":true},"max_clients":{"type":"number","description_kind":"plain","optional":true,"computed":true},"max_distance":{"type":"number","description_kind":"plain","optional":true,"computed":true},"mode":{"type":"string","description_kind":"plain","optional":true,"computed":true},"power_level":{"type":"number","description_kind":"plain","optional":true,"computed":true},"power_mode":{"type":"string","description_kind":"plain","optional":true,"computed":true},"power_value":{"type":"number","description_kind":"plain","optional":true,"computed":true},"powersave_optimize":{"type":["set","string"],"description_kind":"plain","optional":true,"computed":true},"protection_mode":{"type":"string","description_kind":"plain","optional":true,"computed":true},"radio_id":{"type":"number","description_kind":"plain","optional":true,"computed":true},"rts_threshold":{"type":"number","description_kind":"plain","optional":true,"computed":true},"sam_bssid":{"type":"string","description_kind":"plain","optional":true,"computed":true},"sam_captive_portal":{"type":"string","description_kind":"plain","optional":true,"computed":true},"sam_password":{"type":["set","string"],"description_kind":"plain","optional":true,"computed":true},"sam_report_intv":{"type":"number","description_kind":"plain","optional":true,"computed":true},"sam_security_type":{"type":"string","description_kind":"plain","optional":true,"computed":true},"sam_server":{"type":"string","description_kind":"plain","optional":true,"computed":true},"sam_ssid":{"type":"string","description_kind":"plain","optional":true,"computed":true},"sam_test":{"type":"string","description_kind":"plain","optional":true,"computed":true},"sam_username":{"type":"string","description_kind":"plain","optional":true,"computed":true},"short_guard_interval":{"type":"string","description_kind":"plain","optional":true,"computed":true},"spectrum_analysis":{"type":"string","description_kind":"plain","optional":true,"computed":true},"transmit_optimize":{"type":["set","string"],"description_kind":"plain","optional":true,"computed":true},"vap1":{"type":"string","description_kind":"plain","optional":true,"computed":true},"vap2":{"type":"string","description_kind":"plain","optional":true,"computed":true},"vap3":{"type":"string","description_kind":"plain","optional":true,"computed":true},"vap4":{"type":"string","description_kind":"plain","optional":true,"computed":true},"vap5":{"type":"string","description_kind":"plain","optional":true,"computed":true},"vap6":{"type":"string","description_kind":"plain","optional":true,"computed":true},"vap7":{"type":"string","description_kind":"plain","optional":true,"computed":true},"vap8":{"type":"string","description_kind":"plain","optional":true,"computed":true},"vap_all":{"type":"string","description_kind":"plain","optional":true,"computed":true},"vaps":{"type":"string","description_kind":"plain","optional":true,"computed":true},"wids_profile":{"type":"string","description_kind":"plain","optional":true,"computed":true},"zero_wait_dfs":{"type":"string","description_kind":"plain","optional":true,"computed":true}},"description_kind":"plain"},"max_items":1},"radio_2":{"nesting_mode":"list","block":{"attributes":{"airtime_fairness":{"type":"string","description_kind":"plain","optional":true,"computed":true},"amsdu":{"type":"string","description_kind":"plain","optional":true,"computed":true},"ap_sniffer_addr":{"type":"string","description_kind":"plain","optional":true,"computed":true},"ap_sniffer_bufsize":{"type":"number","description_kind":"plain","optional":true,"computed":true},"ap_sniffer_chan":{"type":"number","description_kind":"plain","optional":true,"computed":true},"ap_sniffer_ctl":{"type":"string","description_kind":"plain","optional":true,"computed":true},"ap_sniffer_data":{"type":"string","description_kind":"plain","optional":true,"computed":true},"ap_sniffer_mgmt_beacon":{"type":"string","description_kind":"plain","optional":true,"computed":true},"ap_sniffer_mgmt_other":{"type":"string","description_kind":"plain","optional":true,"computed":true},"ap_sniffer_mgmt_probe":{"type":"string","description_kind":"plain","optional":true,"computed":true},"auto_power_high":{"type":"number","description_kind":"plain","optional":true,"computed":true},"auto_power_level":{"type":"string","description_kind":"plain","optional":true,"computed":true},"auto_power_low":{"type":"number","description_kind":"plain","optional":true,"computed":true},"auto_power_target":{"type":"string","description_kind":"plain","optional":true,"computed":true},"band":{"type":"string","description_kind":"plain","optional":true,"computed":true},"band_5g_type":{"type":"string","description_kind":"plain","optional":true,"computed":true},"bandwidth_admission_control":{"type":"string","description_kind":"plain","optional":true,"computed":true},"bandwidth_capacity":{"type":"number","description_kind":"plain","optional":true,"computed":true},"beacon_interval":{"type":"number","description_kind":"plain","optional":true,"computed":true},"bss_color":{"type":"number","description_kind":"plain","optional":true,"computed":true},"call_admission_control":{"type":"string","description_kind":"plain","optional":true,"computed":true},"call_capacity":{"type":"number","description_kind":"plain","optional":true,"computed":true},"channel":{"type":["set","string"],"description_kind":"plain","optional":true,"computed":true},"channel_bonding":{"type":"string","description_kind":"plain","optional":true,"computed":true},"channel_utilization":{"type":"string","description_kind":"plain","optional":true,"computed":true},"coexistence":{"type":"string","description_kind":"plain","optional":true,"computed":true},"darrp":{"type":"string","description_kind":"plain","optional":true,"computed":true},"drma":{"type":"string","description_kind":"plain","optional":true,"computed":true},"drma_sensitivity":{"type":"string","description_kind":"plain","optional":true,"computed":true},"dtim":{"type":"number","description_kind":"plain","optional":true,"computed":true},"frag_threshold":{"type":"number","description_kind":"plain","optional":true,"computed":true},"iperf_protocol":{"type":"string","description_kind":"plain","optional":true,"computed":true},"iperf_server_port":{"type":"number","description_kind":"plain","optional":true,"computed":true},"max_clients":{"type":"number","description_kind":"plain","optional":true,"computed":true},"max_distance":{"type":"number","description_kind":"plain","optional":true,"computed":true},"mode":{"type":"string","description_kind":"plain","optional":true,"computed":true},"power_level":{"type":"number","description_kind":"plain","optional":true,"computed":true},"power_mode":{"type":"string","description_kind":"plain","optional":true,"computed":true},"power_value":{"type":"number","description_kind":"plain","optional":true,"computed":true},"powersave_optimize":{"type":["set","string"],"description_kind":"plain","optional":true,"computed":true},"protection_mode":{"type":"string","description_kind":"plain","optional":true,"computed":true},"radio_id":{"type":"number","description_kind":"plain","optional":true,"computed":true},"rts_threshold":{"type":"number","description_kind":"plain","optional":true,"computed":true},"sam_bssid":{"type":"string","description_kind":"plain","optional":true,"computed":true},"sam_captive_portal":{"type":"string","description_kind":"plain","optional":true,"computed":true},"sam_password":{"type":["set","string"],"description_kind":"plain","optional":true,"computed":true},"sam_report_intv":{"type":"number","description_kind":"plain","optional":true,"computed":true},"sam_security_type":{"type":"string","description_kind":"plain","optional":true,"computed":true},"sam_server":{"type":"string","description_kind":"plain","optional":true,"computed":true},"sam_ssid":{"type":"string","description_kind":"plain","optional":true,"computed":true},"sam_test":{"type":"string","description_kind":"plain","optional":true,"computed":true},"sam_username":{"type":"string","description_kind":"plain","optional":true,"computed":true},"short_guard_interval":{"type":"string","description_kind":"plain","optional":true,"computed":true},"spectrum_analysis":{"type":"string","description_kind":"plain","optional":true,"computed":true},"transmit_optimize":{"type":["set","string"],"description_kind":"plain","optional":true,"computed":true},"vap1":{"type":"string","description_kind":"plain","optional":true,"computed":true},"vap2":{"type":"string","description_kind":"plain","optional":true,"computed":true},"vap3":{"type":"string","description_kind":"plain","optional":true,"computed":true},"vap4":{"type":"string","description_kind":"plain","optional":true,"computed":true},"vap5":{"type":"string","description_kind":"plain","optional":true,"computed":true},"vap6":{"type":"string","description_kind":"plain","optional":true,"computed":true},"vap7":{"type":"string","description_kind":"plain","optional":true,"computed":true},"vap8":{"type":"string","description_kind":"plain","optional":true,"computed":true},"vap_all":{"type":"string","description_kind":"plain","optional":true,"computed":true},"vaps":{"type":"string","description_kind":"plain","optional":true,"computed":true},"wids_profile":{"type":"string","description_kind":"plain","optional":true,"computed":true},"zero_wait_dfs":{"type":"string","description_kind":"plain","optional":true,"computed":true}},"description_kind":"plain"},"max_items":1},"radio_3":{"nesting_mode":"list","block":{"attributes":{"airtime_fairness":{"type":"string","description_kind":"plain","optional":true,"computed":true},"amsdu":{"type":"string","description_kind":"plain","optional":true,"computed":true},"ap_sniffer_addr":{"type":"string","description_kind":"plain","optional":true,"computed":true},"ap_sniffer_bufsize":{"type":"number","description_kind":"plain","optional":true,"computed":true},"ap_sniffer_chan":{"type":"number","description_kind":"plain","optional":true,"computed":true},"ap_sniffer_ctl":{"type":"string","description_kind":"plain","optional":true,"computed":true},"ap_sniffer_data":{"type":"string","description_kind":"plain","optional":true,"computed":true},"ap_sniffer_mgmt_beacon":{"type":"string","description_kind":"plain","optional":true,"computed":true},"ap_sniffer_mgmt_other":{"type":"string","description_kind":"plain","optional":true,"computed":true},"ap_sniffer_mgmt_probe":{"type":"string","description_kind":"plain","optional":true,"computed":true},"auto_power_high":{"type":"number","description_kind":"plain","optional":true,"computed":true},"auto_power_level":{"type":"string","description_kind":"plain","optional":true,"computed":true},"auto_power_low":{"type":"number","description_kind":"plain","optional":true,"computed":true},"auto_power_target":{"type":"string","description_kind":"plain","optional":true,"computed":true},"band":{"type":"string","description_kind":"plain","optional":true,"computed":true},"band_5g_type":{"type":"string","description_kind":"plain","optional":true,"computed":true},"bandwidth_admission_control":{"type":"string","description_kind":"plain","optional":true,"computed":true},"bandwidth_capacity":{"type":"number","description_kind":"plain","optional":true,"computed":true},"beacon_interval":{"type":"number","description_kind":"plain","optional":true,"computed":true},"bss_color":{"type":"number","description_kind":"plain","optional":true,"computed":true},"call_admission_control":{"type":"string","description_kind":"plain","optional":true,"computed":true},"call_capacity":{"type":"number","description_kind":"plain","optional":true,"computed":true},"channel":{"type":["set","string"],"description_kind":"plain","optional":true,"computed":true},"channel_bonding":{"type":"string","description_kind":"plain","optional":true,"computed":true},"channel_utilization":{"type":"string","description_kind":"plain","optional":true,"computed":true},"coexistence":{"type":"string","description_kind":"plain","optional":true,"computed":true},"darrp":{"type":"string","description_kind":"plain","optional":true,"computed":true},"drma":{"type":"string","description_kind":"plain","optional":true,"computed":true},"drma_sensitivity":{"type":"string","description_kind":"plain","optional":true,"computed":true},"dtim":{"type":"number","description_kind":"plain","optional":true,"computed":true},"frag_threshold":{"type":"number","description_kind":"plain","optional":true,"computed":true},"iperf_protocol":{"type":"string","description_kind":"plain","optional":true,"computed":true},"iperf_server_port":{"type":"number","description_kind":"plain","optional":true,"computed":true},"max_clients":{"type":"number","description_kind":"plain","optional":true,"computed":true},"max_distance":{"type":"number","description_kind":"plain","optional":true,"computed":true},"mode":{"type":"string","description_kind":"plain","optional":true,"computed":true},"power_level":{"type":"number","description_kind":"plain","optional":true,"computed":true},"power_mode":{"type":"string","description_kind":"plain","optional":true,"computed":true},"power_value":{"type":"number","description_kind":"plain","optional":true,"computed":true},"powersave_optimize":{"type":["set","string"],"description_kind":"plain","optional":true,"computed":true},"protection_mode":{"type":"string","description_kind":"plain","optional":true,"computed":true},"radio_id":{"type":"number","description_kind":"plain","optional":true,"computed":true},"rts_threshold":{"type":"number","description_kind":"plain","optional":true,"computed":true},"sam_bssid":{"type":"string","description_kind":"plain","optional":true,"computed":true},"sam_captive_portal":{"type":"string","description_kind":"plain","optional":true,"computed":true},"sam_password":{"type":["set","string"],"description_kind":"plain","optional":true,"computed":true},"sam_report_intv":{"type":"number","description_kind":"plain","optional":true,"computed":true},"sam_security_type":{"type":"string","description_kind":"plain","optional":true,"computed":true},"sam_server":{"type":"string","description_kind":"plain","optional":true,"computed":true},"sam_ssid":{"type":"string","description_kind":"plain","optional":true,"computed":true},"sam_test":{"type":"string","description_kind":"plain","optional":true,"computed":true},"sam_username":{"type":"string","description_kind":"plain","optional":true,"computed":true},"short_guard_interval":{"type":"string","description_kind":"plain","optional":true,"computed":true},"spectrum_analysis":{"type":"string","description_kind":"plain","optional":true,"computed":true},"transmit_optimize":{"type":["set","string"],"description_kind":"plain","optional":true,"computed":true},"vap1":{"type":"string","description_kind":"plain","optional":true,"computed":true},"vap2":{"type":"string","description_kind":"plain","optional":true,"computed":true},"vap3":{"type":"string","description_kind":"plain","optional":true,"computed":true},"vap4":{"type":"string","description_kind":"plain","optional":true,"computed":true},"vap5":{"type":"string","description_kind":"plain","optional":true,"computed":true},"vap6":{"type":"string","description_kind":"plain","optional":true,"computed":true},"vap7":{"type":"string","description_kind":"plain","optional":true,"computed":true},"vap8":{"type":"string","description_kind":"plain","optional":true,"computed":true},"vap_all":{"type":"string","description_kind":"plain","optional":true,"computed":true},"vaps":{"type":"string","description_kind":"plain","optional":true,"computed":true},"wids_profile":{"type":"string","description_kind":"plain","optional":true,"computed":true},"zero_wait_dfs":{"type":"string","description_kind":"plain","optional":true,"computed":true}},"description_kind":"plain"},"max_items":1},"radio_4":{"nesting_mode":"list","block":{"attributes":{"airtime_fairness":{"type":"string","description_kind":"plain","optional":true,"computed":true},"amsdu":{"type":"string","description_kind":"plain","optional":true,"computed":true},"ap_sniffer_addr":{"type":"string","description_kind":"plain","optional":true,"computed":true},"ap_sniffer_bufsize":{"type":"number","description_kind":"plain","optional":true,"computed":true},"ap_sniffer_chan":{"type":"number","description_kind":"plain","optional":true,"computed":true},"ap_sniffer_ctl":{"type":"string","description_kind":"plain","optional":true,"computed":true},"ap_sniffer_data":{"type":"string","description_kind":"plain","optional":true,"computed":true},"ap_sniffer_mgmt_beacon":{"type":"string","description_kind":"plain","optional":true,"computed":true},"ap_sniffer_mgmt_other":{"type":"string","description_kind":"plain","optional":true,"computed":true},"ap_sniffer_mgmt_probe":{"type":"string","description_kind":"plain","optional":true,"computed":true},"auto_power_high":{"type":"number","description_kind":"plain","optional":true,"computed":true},"auto_power_level":{"type":"string","description_kind":"plain","optional":true,"computed":true},"auto_power_low":{"type":"number","description_kind":"plain","optional":true,"computed":true},"auto_power_target":{"type":"string","description_kind":"plain","optional":true,"computed":true},"band":{"type":"string","description_kind":"plain","optional":true,"computed":true},"band_5g_type":{"type":"string","description_kind":"plain","optional":true,"computed":true},"bandwidth_admission_control":{"type":"string","description_kind":"plain","optional":true,"computed":true},"bandwidth_capacity":{"type":"number","description_kind":"plain","optional":true,"computed":true},"beacon_interval":{"type":"number","description_kind":"plain","optional":true,"computed":true},"bss_color":{"type":"number","description_kind":"plain","optional":true,"computed":true},"call_admission_control":{"type":"string","description_kind":"plain","optional":true,"computed":true},"call_capacity":{"type":"number","description_kind":"plain","optional":true,"computed":true},"channel":{"type":["set","string"],"description_kind":"plain","optional":true,"computed":true},"channel_bonding":{"type":"string","description_kind":"plain","optional":true,"computed":true},"channel_utilization":{"type":"string","description_kind":"plain","optional":true,"computed":true},"coexistence":{"type":"string","description_kind":"plain","optional":true,"computed":true},"darrp":{"type":"string","description_kind":"plain","optional":true,"computed":true},"drma":{"type":"string","description_kind":"plain","optional":true,"computed":true},"drma_sensitivity":{"type":"string","description_kind":"plain","optional":true,"computed":true},"dtim":{"type":"number","description_kind":"plain","optional":true,"computed":true},"frag_threshold":{"type":"number","description_kind":"plain","optional":true,"computed":true},"iperf_protocol":{"type":"string","description_kind":"plain","optional":true,"computed":true},"iperf_server_port":{"type":"number","description_kind":"plain","optional":true,"computed":true},"max_clients":{"type":"number","description_kind":"plain","optional":true,"computed":true},"max_distance":{"type":"number","description_kind":"plain","optional":true,"computed":true},"mode":{"type":"string","description_kind":"plain","optional":true,"computed":true},"power_level":{"type":"number","description_kind":"plain","optional":true,"computed":true},"power_mode":{"type":"string","description_kind":"plain","optional":true,"computed":true},"power_value":{"type":"number","description_kind":"plain","optional":true,"computed":true},"powersave_optimize":{"type":["set","string"],"description_kind":"plain","optional":true,"computed":true},"protection_mode":{"type":"string","description_kind":"plain","optional":true,"computed":true},"radio_id":{"type":"number","description_kind":"plain","optional":true,"computed":true},"rts_threshold":{"type":"number","description_kind":"plain","optional":true,"computed":true},"sam_bssid":{"type":"string","description_kind":"plain","optional":true,"computed":true},"sam_captive_portal":{"type":"string","description_kind":"plain","optional":true,"computed":true},"sam_password":{"type":["set","string"],"description_kind":"plain","optional":true,"computed":true},"sam_report_intv":{"type":"number","description_kind":"plain","optional":true,"computed":true},"sam_security_type":{"type":"string","description_kind":"plain","optional":true,"computed":true},"sam_server":{"type":"string","description_kind":"plain","optional":true,"computed":true},"sam_ssid":{"type":"string","description_kind":"plain","optional":true,"computed":true},"sam_test":{"type":"string","description_kind":"plain","optional":true,"computed":true},"sam_username":{"type":"string","description_kind":"plain","optional":true,"computed":true},"short_guard_interval":{"type":"string","description_kind":"plain","optional":true,"computed":true},"spectrum_analysis":{"type":"string","description_kind":"plain","optional":true,"computed":true},"transmit_optimize":{"type":["set","string"],"description_kind":"plain","optional":true,"computed":true},"vap1":{"type":"string","description_kind":"plain","optional":true,"computed":true},"vap2":{"type":"string","description_kind":"plain","optional":true,"computed":true},"vap3":{"type":"string","description_kind":"plain","optional":true,"computed":true},"vap4":{"type":"string","description_kind":"plain","optional":true,"computed":true},"vap5":{"type":"string","description_kind":"plain","optional":true,"computed":true},"vap6":{"type":"string","description_kind":"plain","optional":true,"computed":true},"vap7":{"type":"string","description_kind":"plain","optional":true,"computed":true},"vap8":{"type":"string","description_kind":"plain","optional":true,"computed":true},"vap_all":{"type":"string","description_kind":"plain","optional":true,"computed":true},"vaps":{"type":"string","description_kind":"plain","optional":true,"computed":true},"wids_profile":{"type":"string","description_kind":"plain","optional":true,"computed":true},"zero_wait_dfs":{"type":"string","description_kind":"plain","optional":true,"computed":true}},"description_kind":"plain"},"max_items":1},"split_tunneling_acl":{"nesting_mode":"list","block":{"attributes":{"dest_ip":{"type":"string","description_kind":"plain","optional":true,"computed":true},"id":{"type":"number","description_kind":"plain","optional":true,"computed":true}},"description_kind":"plain"}}},"description_kind":"plain"}},"fortimanager_packages_authentication_rule":{"version":0,"block":{"attributes":{"active_auth_method":{"type":"string","description_kind":"plain","optional":true,"computed":true},"adom":{"type":"string","description_kind":"plain","optional":true},"comments":{"type":"string","description_kind":"plain","optional":true,"computed":true},"dstaddr":{"type":["list","string"],"description_kind":"plain","optional":true,"computed":true},"dstaddr6":{"type":["list","string"],"description_kind":"plain","optional":true,"computed":true},"id":{"type":"string","description_kind":"plain","optional":true,"computed":true},"ip_based":{"type":"string","description_kind":"plain","optional":true,"computed":true},"name":{"type":"string","description_kind":"plain","optional":true,"computed":true},"pkg":{"type":"string","description_kind":"plain","required":true},"protocol":{"type":"string","description_kind":"plain","optional":true,"computed":true},"scopetype":{"type":"string","description_kind":"plain","optional":true},"srcaddr":{"type":["list","string"],"description_kind":"plain","optional":true,"computed":true},"srcaddr6":{"type":["list","string"],"description_kind":"plain","optional":true,"computed":true},"srcintf":{"type":["list","string"],"description_kind":"plain","optional":true,"computed":true},"sso_auth_method":{"type":"string","description_kind":"plain","optional":true,"computed":true},"status":{"type":"string","description_kind":"plain","optional":true,"computed":true},"transaction_based":{"type":"string","description_kind":"plain","optional":true,"computed":true},"web_auth_cookie":{"type":"string","description_kind":"plain","optional":true,"computed":true},"web_portal":{"type":"string","description_kind":"plain","optional":true,"computed":true}},"description_kind":"plain"}},"fortimanager_packages_authentication_setting":{"version":0,"block":{"attributes":{"active_auth_scheme":{"type":"string","description_kind":"plain","optional":true,"computed":true},"adom":{"type":"string","description_kind":"plain","optional":true},"auth_https":{"type":"string","description_kind":"plain","optional":true,"computed":true},"captive_portal":{"type":"string","description_kind":"plain","optional":true,"computed":true},"captive_portal6":{"type":"string","description_kind":"plain","optional":true,"computed":true},"captive_portal_ip":{"type":"string","description_kind":"plain","optional":true,"computed":true},"captive_portal_ip6":{"type":"string","description_kind":"plain","optional":true,"computed":true},"captive_portal_port":{"type":"number","description_kind":"plain","optional":true,"computed":true},"captive_portal_ssl_port":{"type":"number","description_kind":"plain","optional":true,"computed":true},"captive_portal_type":{"type":"string","description_kind":"plain","optional":true,"computed":true},"dev_range":{"type":"string","description_kind":"plain","optional":true,"computed":true},"id":{"type":"string","description_kind":"plain","optional":true,"computed":true},"pkg":{"type":"string","description_kind":"plain","required":true},"rewrite_https_port":{"type":"number","description_kind":"plain","optional":true,"computed":true},"scopetype":{"type":"string","description_kind":"plain","optional":true},"sso_auth_scheme":{"type":"string","description_kind":"plain","optional":true,"computed":true},"user_cert_ca":{"type":"string","description_kind":"plain","optional":true,"computed":true}},"description_kind":"plain"}},"fortimanager_packages_firewall_centralsnatmap":{"version":0,"block":{"attributes":{"adom":{"type":"string","description_kind":"plain","optional":true},"comments":{"type":"string","description_kind":"plain","optional":true,"computed":true},"dst_addr":{"type":["list","string"],"description_kind":"plain","optional":true,"computed":true},"dst_addr6":{"type":"string","description_kind":"plain","optional":true,"computed":true},"dstintf":{"type":["list","string"],"description_kind":"plain","optional":true,"computed":true},"id":{"type":"string","description_kind":"plain","optional":true,"computed":true},"nat":{"type":"string","description_kind":"plain","optional":true,"computed":true},"nat_ippool":{"type":["list","string"],"description_kind":"plain","optional":true,"computed":true},"nat_ippool6":{"type":["list","string"],"description_kind":"plain","optional":true,"computed":true},"nat_port":{"type":"string","description_kind":"plain","optional":true,"computed":true},"orig_addr":{"type":["list","string"],"description_kind":"plain","optional":true,"computed":true},"orig_addr6":{"type":"string","description_kind":"plain","optional":true,"computed":true},"orig_port":{"type":"string","description_kind":"plain","optional":true,"computed":true},"pkg":{"type":"string","description_kind":"plain","required":true},"policyid":{"type":"number","description_kind":"plain","optional":true,"computed":true},"protocol":{"type":"number","description_kind":"plain","optional":true,"computed":true},"scopetype":{"type":"string","description_kind":"plain","optional":true},"srcintf":{"type":["list","string"],"description_kind":"plain","optional":true,"computed":true},"status":{"type":"string","description_kind":"plain","optional":true,"computed":true},"type":{"type":"string","description_kind":"plain","optional":true,"computed":true},"uuid":{"type":"string","description_kind":"plain","optional":true,"computed":true}},"description_kind":"plain"}},"fortimanager_packages_firewall_centralsnatmap_move":{"version":0,"block":{"attributes":{"adom":{"type":"string","description_kind":"plain","optional":true},"central_snat_map":{"type":"string","description_kind":"plain","required":true},"id":{"type":"string","description_kind":"plain","optional":true,"computed":true},"option":{"type":"string","description_kind":"plain","required":true},"pkg":{"type":"string","description_kind":"plain","required":true},"scopetype":{"type":"string","description_kind":"plain","optional":true},"state_pos":{"type":"string","description_kind":"plain","optional":true},"target":{"type":"string","description_kind":"plain","required":true}},"description_kind":"plain"}},"fortimanager_packages_firewall_consolidated_policy":{"version":0,"block":{"attributes":{"action":{"type":"string","description_kind":"plain","optional":true,"computed":true},"adom":{"type":"string","description_kind":"plain","optional":true},"app_category":{"type":"string","description_kind":"plain","optional":true,"computed":true},"app_group":{"type":"string","description_kind":"plain","optional":true,"computed":true},"application":{"type":["set","number"],"description_kind":"plain","optional":true,"computed":true},"application_list":{"type":"string","description_kind":"plain","optional":true,"computed":true},"auto_asic_offload":{"type":"string","description_kind":"plain","optional":true,"computed":true},"av_profile":{"type":"string","description_kind":"plain","optional":true,"computed":true},"captive_portal_exempt":{"type":"string","description_kind":"plain","optional":true,"computed":true},"cifs_profile":{"type":"string","description_kind":"plain","optional":true,"computed":true},"comments":{"type":"string","description_kind":"plain","optional":true,"computed":true},"diffserv_forward":{"type":"string","description_kind":"plain","optional":true,"computed":true},"diffserv_reverse":{"type":"string","description_kind":"plain","optional":true,"computed":true},"diffservcode_forward":{"type":"string","description_kind":"plain","optional":true,"computed":true},"diffservcode_rev":{"type":"string","description_kind":"plain","optional":true,"computed":true},"dlp_sensor":{"type":"string","description_kind":"plain","optional":true,"computed":true},"dnsfilter_profile":{"type":"string","description_kind":"plain","optional":true,"computed":true},"dstaddr4":{"type":"string","description_kind":"plain","optional":true,"computed":true},"dstaddr6":{"type":"string","description_kind":"plain","optional":true,"computed":true},"dstaddr_negate":{"type":"string","description_kind":"plain","optional":true,"computed":true},"dstintf":{"type":"string","description_kind":"plain","optional":true,"computed":true},"emailfilter_profile":{"type":"string","description_kind":"plain","optional":true,"computed":true},"fixedport":{"type":"string","description_kind":"plain","optional":true,"computed":true},"fsso_groups":{"type":"string","description_kind":"plain","optional":true,"computed":true},"global_label":{"type":"string","description_kind":"plain","optional":true,"computed":true},"groups":{"type":"string","description_kind":"plain","optional":true,"computed":true},"http_policy_redirect":{"type":"string","description_kind":"plain","optional":true,"computed":true},"icap_profile":{"type":"string","description_kind":"plain","optional":true,"computed":true},"id":{"type":"string","description_kind":"plain","optional":true,"computed":true},"inbound":{"type":"string","description_kind":"plain","optional":true,"computed":true},"inspection_mode":{"type":"string","description_kind":"plain","optional":true,"computed":true},"internet_service":{"type":"string","description_kind":"plain","optional":true,"computed":true},"internet_service_custom":{"type":"string","description_kind":"plain","optional":true,"computed":true},"internet_service_custom_group":{"type":"string","description_kind":"plain","optional":true,"computed":true},"internet_service_group":{"type":"string","description_kind":"plain","optional":true,"computed":true},"internet_service_id":{"type":"string","description_kind":"plain","optional":true,"computed":true},"internet_service_negate":{"type":"string","description_kind":"plain","optional":true,"computed":true},"internet_service_src":{"type":"string","description_kind":"plain","optional":true,"computed":true},"internet_service_src_custom":{"type":"string","description_kind":"plain","optional":true,"computed":true},"internet_service_src_custom_group":{"type":"string","description_kind":"plain","optional":true,"computed":true},"internet_service_src_group":{"type":"string","description_kind":"plain","optional":true,"computed":true},"internet_service_src_id":{"type":"string","description_kind":"plain","optional":true,"computed":true},"internet_service_src_negate":{"type":"string","description_kind":"plain","optional":true,"computed":true},"ippool":{"type":"string","description_kind":"plain","optional":true,"computed":true},"ips_sensor":{"type":"string","description_kind":"plain","optional":true,"computed":true},"logtraffic":{"type":"string","description_kind":"plain","optional":true,"computed":true},"logtraffic_start":{"type":"string","description_kind":"plain","optional":true,"computed":true},"mms_profile":{"type":"string","description_kind":"plain","optional":true,"computed":true},"name":{"type":"string","description_kind":"plain","optional":true,"computed":true},"nat":{"type":"string","description_kind":"plain","optional":true,"computed":true},"outbound":{"type":"string","description_kind":"plain","optional":true,"computed":true},"per_ip_shaper":{"type":"string","description_kind":"plain","optional":true,"computed":true},"pkg":{"type":"string","description_kind":"plain","required":true},"policyid":{"type":"number","description_kind":"plain","optional":true,"computed":true},"poolname4":{"type":"string","description_kind":"plain","optional":true,"computed":true},"poolname6":{"type":"string","description_kind":"plain","optional":true,"computed":true},"profile_group":{"type":"string","description_kind":"plain","optional":true,"computed":true},"profile_protocol_options":{"type":"string","description_kind":"plain","optional":true,"computed":true},"profile_type":{"type":"string","description_kind":"plain","optional":true,"computed":true},"schedule":{"type":"string","description_kind":"plain","optional":true,"computed":true},"scopetype":{"type":"string","description_kind":"plain","optional":true},"service":{"type":"string","description_kind":"plain","optional":true,"computed":true},"service_negate":{"type":"string","description_kind":"plain","optional":true,"computed":true},"session_ttl":{"type":"number","description_kind":"plain","optional":true,"computed":true},"srcaddr4":{"type":"string","description_kind":"plain","optional":true,"computed":true},"srcaddr6":{"type":"string","description_kind":"plain","optional":true,"computed":true},"srcaddr_negate":{"type":"string","description_kind":"plain","optional":true,"computed":true},"srcintf":{"type":"string","description_kind":"plain","optional":true,"computed":true},"ssh_filter_profile":{"type":"string","description_kind":"plain","optional":true,"computed":true},"ssh_policy_redirect":{"type":"string","description_kind":"plain","optional":true,"computed":true},"ssl_ssh_profile":{"type":"string","description_kind":"plain","optional":true,"computed":true},"status":{"type":"string","description_kind":"plain","optional":true,"computed":true},"tcp_mss_receiver":{"type":"number","description_kind":"plain","optional":true,"computed":true},"tcp_mss_sender":{"type":"number","description_kind":"plain","optional":true,"computed":true},"traffic_shaper":{"type":"string","description_kind":"plain","optional":true,"computed":true},"traffic_shaper_reverse":{"type":"string","description_kind":"plain","optional":true,"computed":true},"url_category":{"type":"string","description_kind":"plain","optional":true,"computed":true},"users":{"type":"string","description_kind":"plain","optional":true,"computed":true},"utm_status":{"type":"string","description_kind":"plain","optional":true,"computed":true},"uuid":{"type":"string","description_kind":"plain","optional":true,"computed":true},"voip_profile":{"type":"string","description_kind":"plain","optional":true,"computed":true},"vpntunnel":{"type":"string","description_kind":"plain","optional":true,"computed":true},"waf_profile":{"type":"string","description_kind":"plain","optional":true,"computed":true},"wanopt":{"type":"string","description_kind":"plain","optional":true,"computed":true},"wanopt_detection":{"type":"string","description_kind":"plain","optional":true,"computed":true},"wanopt_passive_opt":{"type":"string","description_kind":"plain","optional":true,"computed":true},"wanopt_peer":{"type":"string","description_kind":"plain","optional":true,"computed":true},"wanopt_profile":{"type":"string","description_kind":"plain","optional":true,"computed":true},"webcache":{"type":"string","description_kind":"plain","optional":true,"computed":true},"webcache_https":{"type":"string","description_kind":"plain","optional":true,"computed":true},"webfilter_profile":{"type":"string","description_kind":"plain","optional":true,"computed":true},"webproxy_forward_server":{"type":"string","description_kind":"plain","optional":true,"computed":true},"webproxy_profile":{"type":"string","description_kind":"plain","optional":true,"computed":true}},"description_kind":"plain"}},"fortimanager_packages_firewall_consolidated_policy_move":{"version":0,"block":{"attributes":{"adom":{"type":"string","description_kind":"plain","optional":true},"id":{"type":"string","description_kind":"plain","optional":true,"computed":true},"option":{"type":"string","description_kind":"plain","required":true},"pkg":{"type":"string","description_kind":"plain","required":true},"policy":{"type":"string","description_kind":"plain","required":true},"scopetype":{"type":"string","description_kind":"plain","optional":true},"state_pos":{"type":"string","description_kind":"plain","optional":true},"target":{"type":"string","description_kind":"plain","required":true}},"description_kind":"plain"}},"fortimanager_packages_firewall_dospolicy":{"version":0,"block":{"attributes":{"adom":{"type":"string","description_kind":"plain","optional":true},"comments":{"type":"string","description_kind":"plain","optional":true,"computed":true},"dstaddr":{"type":["list","string"],"description_kind":"plain","optional":true,"computed":true},"dynamic_sort_subtable":{"type":"string","description_kind":"plain","optional":true},"id":{"type":"string","description_kind":"plain","optional":true,"computed":true},"interface":{"type":["list","string"],"description_kind":"plain","optional":true,"computed":true},"name":{"type":"string","description_kind":"plain","optional":true,"computed":true},"pkg":{"type":"string","description_kind":"plain","required":true},"policyid":{"type":"number","description_kind":"plain","optional":true,"computed":true},"scopetype":{"type":"string","description_kind":"plain","optional":true},"service":{"type":["list","string"],"description_kind":"plain","optional":true,"computed":true},"srcaddr":{"type":["list","string"],"description_kind":"plain","optional":true,"computed":true},"status":{"type":"string","description_kind":"plain","optional":true,"computed":true}},"block_types":{"anomaly":{"nesting_mode":"list","block":{"attributes":{"action":{"type":"string","description_kind":"plain","optional":true,"computed":true},"log":{"type":"string","description_kind":"plain","optional":true,"computed":true},"name":{"type":"string","description_kind":"plain","optional":true,"computed":true},"quarantine":{"type":"string","description_kind":"plain","optional":true,"computed":true},"quarantine_expiry":{"type":"string","description_kind":"plain","optional":true,"computed":true},"quarantine_log":{"type":"string","description_kind":"plain","optional":true,"computed":true},"status":{"type":"string","description_kind":"plain","optional":true,"computed":true},"synproxy_tcp_mss":{"type":"string","description_kind":"plain","optional":true,"computed":true},"synproxy_tcp_sack":{"type":"string","description_kind":"plain","optional":true,"computed":true},"synproxy_tcp_timestamp":{"type":"string","description_kind":"plain","optional":true,"computed":true},"synproxy_tcp_window":{"type":"string","description_kind":"plain","optional":true,"computed":true},"synproxy_tcp_windowscale":{"type":"string","description_kind":"plain","optional":true,"computed":true},"synproxy_tos":{"type":"string","description_kind":"plain","optional":true,"computed":true},"synproxy_ttl":{"type":"string","description_kind":"plain","optional":true,"computed":true},"threshold":{"type":"number","description_kind":"plain","optional":true,"computed":true},"thresholddefault":{"type":"number","description_kind":"plain","optional":true,"computed":true}},"description_kind":"plain"}}},"description_kind":"plain"}},"fortimanager_packages_firewall_dospolicy6":{"version":0,"block":{"attributes":{"adom":{"type":"string","description_kind":"plain","optional":true},"comments":{"type":"string","description_kind":"plain","optional":true,"computed":true},"dstaddr":{"type":["list","string"],"description_kind":"plain","optional":true,"computed":true},"dynamic_sort_subtable":{"type":"string","description_kind":"plain","optional":true},"id":{"type":"string","description_kind":"plain","optional":true,"computed":true},"interface":{"type":["list","string"],"description_kind":"plain","optional":true,"computed":true},"name":{"type":"string","description_kind":"plain","optional":true,"computed":true},"pkg":{"type":"string","description_kind":"plain","required":true},"policyid":{"type":"number","description_kind":"plain","optional":true,"computed":true},"scopetype":{"type":"string","description_kind":"plain","optional":true},"service":{"type":["list","string"],"description_kind":"plain","optional":true,"computed":true},"srcaddr":{"type":["list","string"],"description_kind":"plain","optional":true,"computed":true},"status":{"type":"string","description_kind":"plain","optional":true,"computed":true}},"block_types":{"anomaly":{"nesting_mode":"list","block":{"attributes":{"action":{"type":"string","description_kind":"plain","optional":true,"computed":true},"log":{"type":"string","description_kind":"plain","optional":true,"computed":true},"name":{"type":"string","description_kind":"plain","optional":true,"computed":true},"quarantine":{"type":"string","description_kind":"plain","optional":true,"computed":true},"quarantine_expiry":{"type":"string","description_kind":"plain","optional":true,"computed":true},"quarantine_log":{"type":"string","description_kind":"plain","optional":true,"computed":true},"status":{"type":"string","description_kind":"plain","optional":true,"computed":true},"synproxy_tcp_mss":{"type":"string","description_kind":"plain","optional":true,"computed":true},"synproxy_tcp_sack":{"type":"string","description_kind":"plain","optional":true,"computed":true},"synproxy_tcp_timestamp":{"type":"string","description_kind":"plain","optional":true,"computed":true},"synproxy_tcp_window":{"type":"string","description_kind":"plain","optional":true,"computed":true},"synproxy_tcp_windowscale":{"type":"string","description_kind":"plain","optional":true,"computed":true},"synproxy_tos":{"type":"string","description_kind":"plain","optional":true,"computed":true},"synproxy_ttl":{"type":"string","description_kind":"plain","optional":true,"computed":true},"threshold":{"type":"number","description_kind":"plain","optional":true,"computed":true},"thresholddefault":{"type":"number","description_kind":"plain","optional":true,"computed":true}},"description_kind":"plain"}}},"description_kind":"plain"}},"fortimanager_packages_firewall_dospolicy6_move":{"version":0,"block":{"attributes":{"adom":{"type":"string","description_kind":"plain","optional":true},"dos_policy6":{"type":"string","description_kind":"plain","required":true},"id":{"type":"string","description_kind":"plain","optional":true,"computed":true},"option":{"type":"string","description_kind":"plain","required":true},"pkg":{"type":"string","description_kind":"plain","required":true},"scopetype":{"type":"string","description_kind":"plain","optional":true},"state_pos":{"type":"string","description_kind":"plain","optional":true},"target":{"type":"string","description_kind":"plain","required":true}},"description_kind":"plain"}},"fortimanager_packages_firewall_dospolicy_move":{"version":0,"block":{"attributes":{"adom":{"type":"string","description_kind":"plain","optional":true},"dos_policy":{"type":"string","description_kind":"plain","required":true},"id":{"type":"string","description_kind":"plain","optional":true,"computed":true},"option":{"type":"string","description_kind":"plain","required":true},"pkg":{"type":"string","description_kind":"plain","required":true},"scopetype":{"type":"string","description_kind":"plain","optional":true},"state_pos":{"type":"string","description_kind":"plain","optional":true},"target":{"type":"string","description_kind":"plain","required":true}},"description_kind":"plain"}},"fortimanager_packages_firewall_interfacepolicy":{"version":0,"block":{"attributes":{"address_type":{"type":"string","description_kind":"plain","optional":true,"computed":true},"adom":{"type":"string","description_kind":"plain","optional":true},"application_list":{"type":"string","description_kind":"plain","optional":true,"computed":true},"application_list_status":{"type":"string","description_kind":"plain","optional":true,"computed":true},"av_profile":{"type":"string","description_kind":"plain","optional":true,"computed":true},"av_profile_status":{"type":"string","description_kind":"plain","optional":true,"computed":true},"comments":{"type":"string","description_kind":"plain","optional":true,"computed":true},"dlp_sensor":{"type":"string","description_kind":"plain","optional":true,"computed":true},"dlp_sensor_status":{"type":"string","description_kind":"plain","optional":true,"computed":true},"dsri":{"type":"string","description_kind":"plain","optional":true,"computed":true},"dstaddr":{"type":["list","string"],"description_kind":"plain","optional":true,"computed":true},"emailfilter_profile":{"type":["list","string"],"description_kind":"plain","optional":true,"computed":true},"emailfilter_profile_status":{"type":"string","description_kind":"plain","optional":true,"computed":true},"id":{"type":"string","description_kind":"plain","optional":true,"computed":true},"interface":{"type":["list","string"],"description_kind":"plain","optional":true,"computed":true},"ips_sensor":{"type":"string","description_kind":"plain","optional":true,"computed":true},"ips_sensor_status":{"type":"string","description_kind":"plain","optional":true,"computed":true},"label":{"type":"string","description_kind":"plain","optional":true,"computed":true},"logtraffic":{"type":"string","description_kind":"plain","optional":true,"computed":true},"pkg":{"type":"string","description_kind":"plain","required":true},"policyid":{"type":"number","description_kind":"plain","optional":true,"computed":true},"scopetype":{"type":"string","description_kind":"plain","optional":true},"service":{"type":["list","string"],"description_kind":"plain","optional":true,"computed":true},"srcaddr":{"type":["list","string"],"description_kind":"plain","optional":true,"computed":true},"status":{"type":"string","description_kind":"plain","optional":true,"computed":true},"webfilter_profile":{"type":"string","description_kind":"plain","optional":true,"computed":true},"webfilter_profile_status":{"type":"string","description_kind":"plain","optional":true,"computed":true}},"description_kind":"plain"}},"fortimanager_packages_firewall_interfacepolicy6":{"version":0,"block":{"attributes":{"address_type":{"type":"string","description_kind":"plain","optional":true,"computed":true},"adom":{"type":"string","description_kind":"plain","optional":true},"application_list":{"type":"string","description_kind":"plain","optional":true,"computed":true},"application_list_status":{"type":"string","description_kind":"plain","optional":true,"computed":true},"av_profile":{"type":"string","description_kind":"plain","optional":true,"computed":true},"av_profile_status":{"type":"string","description_kind":"plain","optional":true,"computed":true},"comments":{"type":"string","description_kind":"plain","optional":true,"computed":true},"dlp_sensor":{"type":"string","description_kind":"plain","optional":true,"computed":true},"dlp_sensor_status":{"type":"string","description_kind":"plain","optional":true,"computed":true},"dsri":{"type":"string","description_kind":"plain","optional":true,"computed":true},"dstaddr6":{"type":["list","string"],"description_kind":"plain","optional":true,"computed":true},"emailfilter_profile":{"type":["list","string"],"description_kind":"plain","optional":true,"computed":true},"emailfilter_profile_status":{"type":"string","description_kind":"plain","optional":true,"computed":true},"id":{"type":"string","description_kind":"plain","optional":true,"computed":true},"interface":{"type":["list","string"],"description_kind":"plain","optional":true,"computed":true},"ips_sensor":{"type":"string","description_kind":"plain","optional":true,"computed":true},"ips_sensor_status":{"type":"string","description_kind":"plain","optional":true,"computed":true},"label":{"type":"string","description_kind":"plain","optional":true,"computed":true},"logtraffic":{"type":"string","description_kind":"plain","optional":true,"computed":true},"pkg":{"type":"string","description_kind":"plain","required":true},"policyid":{"type":"number","description_kind":"plain","optional":true,"computed":true},"scopetype":{"type":"string","description_kind":"plain","optional":true},"service6":{"type":["list","string"],"description_kind":"plain","optional":true,"computed":true},"srcaddr6":{"type":["list","string"],"description_kind":"plain","optional":true,"computed":true},"status":{"type":"string","description_kind":"plain","optional":true,"computed":true},"webfilter_profile":{"type":"string","description_kind":"plain","optional":true,"computed":true},"webfilter_profile_status":{"type":"string","description_kind":"plain","optional":true,"computed":true}},"description_kind":"plain"}},"fortimanager_packages_firewall_interfacepolicy6_move":{"version":0,"block":{"attributes":{"adom":{"type":"string","description_kind":"plain","optional":true},"id":{"type":"string","description_kind":"plain","optional":true,"computed":true},"interface_policy6":{"type":"string","description_kind":"plain","required":true},"option":{"type":"string","description_kind":"plain","required":true},"pkg":{"type":"string","description_kind":"plain","required":true},"scopetype":{"type":"string","description_kind":"plain","optional":true},"state_pos":{"type":"string","description_kind":"plain","optional":true},"target":{"type":"string","description_kind":"plain","required":true}},"description_kind":"plain"}},"fortimanager_packages_firewall_interfacepolicy_move":{"version":0,"block":{"attributes":{"adom":{"type":"string","description_kind":"plain","optional":true},"id":{"type":"string","description_kind":"plain","optional":true,"computed":true},"interface_policy":{"type":"string","description_kind":"plain","required":true},"option":{"type":"string","description_kind":"plain","required":true},"pkg":{"type":"string","description_kind":"plain","required":true},"scopetype":{"type":"string","description_kind":"plain","optional":true},"state_pos":{"type":"string","description_kind":"plain","optional":true},"target":{"type":"string","description_kind":"plain","required":true}},"description_kind":"plain"}},"fortimanager_packages_firewall_localinpolicy":{"version":0,"block":{"attributes":{"action":{"type":"string","description_kind":"plain","optional":true,"computed":true},"adom":{"type":"string","description_kind":"plain","optional":true},"comments":{"type":"string","description_kind":"plain","optional":true,"computed":true},"dstaddr":{"type":["list","string"],"description_kind":"plain","optional":true,"computed":true},"dstaddr_negate":{"type":"string","description_kind":"plain","optional":true,"computed":true},"ha_mgmt_intf_only":{"type":"string","description_kind":"plain","optional":true,"computed":true},"id":{"type":"string","description_kind":"plain","optional":true,"computed":true},"intf":{"type":["list","string"],"description_kind":"plain","optional":true,"computed":true},"pkg":{"type":"string","description_kind":"plain","required":true},"policyid":{"type":"number","description_kind":"plain","optional":true,"computed":true},"schedule":{"type":"string","description_kind":"plain","optional":true,"computed":true},"scopetype":{"type":"string","description_kind":"plain","optional":true},"service":{"type":["list","string"],"description_kind":"plain","optional":true,"computed":true},"service_negate":{"type":"string","description_kind":"plain","optional":true,"computed":true},"srcaddr":{"type":["list","string"],"description_kind":"plain","optional":true,"computed":true},"srcaddr_negate":{"type":"string","description_kind":"plain","optional":true,"computed":true},"status":{"type":"string","description_kind":"plain","optional":true,"computed":true},"uuid":{"type":"string","description_kind":"plain","optional":true,"computed":true}},"description_kind":"plain"}},"fortimanager_packages_firewall_localinpolicy6":{"version":0,"block":{"attributes":{"action":{"type":"string","description_kind":"plain","optional":true,"computed":true},"adom":{"type":"string","description_kind":"plain","optional":true},"comments":{"type":"string","description_kind":"plain","optional":true,"computed":true},"dstaddr":{"type":["list","string"],"description_kind":"plain","optional":true,"computed":true},"dstaddr_negate":{"type":"string","description_kind":"plain","optional":true,"computed":true},"id":{"type":"string","description_kind":"plain","optional":true,"computed":true},"intf":{"type":["list","string"],"description_kind":"plain","optional":true,"computed":true},"pkg":{"type":"string","description_kind":"plain","required":true},"policyid":{"type":"number","description_kind":"plain","optional":true,"computed":true},"schedule":{"type":"string","description_kind":"plain","optional":true,"computed":true},"scopetype":{"type":"string","description_kind":"plain","optional":true},"service":{"type":["list","string"],"description_kind":"plain","optional":true,"computed":true},"service_negate":{"type":"string","description_kind":"plain","optional":true,"computed":true},"srcaddr":{"type":["list","string"],"description_kind":"plain","optional":true,"computed":true},"srcaddr_negate":{"type":"string","description_kind":"plain","optional":true,"computed":true},"status":{"type":"string","description_kind":"plain","optional":true,"computed":true},"uuid":{"type":"string","description_kind":"plain","optional":true,"computed":true}},"description_kind":"plain"}},"fortimanager_packages_firewall_localinpolicy6_move":{"version":0,"block":{"attributes":{"adom":{"type":"string","description_kind":"plain","optional":true},"id":{"type":"string","description_kind":"plain","optional":true,"computed":true},"local_in_policy6":{"type":"string","description_kind":"plain","required":true},"option":{"type":"string","description_kind":"plain","required":true},"pkg":{"type":"string","description_kind":"plain","required":true},"scopetype":{"type":"string","description_kind":"plain","optional":true},"state_pos":{"type":"string","description_kind":"plain","optional":true},"target":{"type":"string","description_kind":"plain","required":true}},"description_kind":"plain"}},"fortimanager_packages_firewall_localinpolicy_move":{"version":0,"block":{"attributes":{"adom":{"type":"string","description_kind":"plain","optional":true},"id":{"type":"string","description_kind":"plain","optional":true,"computed":true},"local_in_policy":{"type":"string","description_kind":"plain","required":true},"option":{"type":"string","description_kind":"plain","required":true},"pkg":{"type":"string","description_kind":"plain","required":true},"scopetype":{"type":"string","description_kind":"plain","optional":true},"state_pos":{"type":"string","description_kind":"plain","optional":true},"target":{"type":"string","description_kind":"plain","required":true}},"description_kind":"plain"}},"fortimanager_packages_firewall_multicastpolicy":{"version":0,"block":{"attributes":{"action":{"type":"string","description_kind":"plain","optional":true,"computed":true},"adom":{"type":"string","description_kind":"plain","optional":true},"auto_asic_offload":{"type":"string","description_kind":"plain","optional":true,"computed":true},"comments":{"type":"string","description_kind":"plain","optional":true,"computed":true},"dnat":{"type":"string","description_kind":"plain","optional":true,"computed":true},"dstaddr":{"type":["list","string"],"description_kind":"plain","optional":true,"computed":true},"dstintf":{"type":["list","string"],"description_kind":"plain","optional":true,"computed":true},"end_port":{"type":"number","description_kind":"plain","optional":true,"computed":true},"fosid":{"type":"number","description_kind":"plain","optional":true,"computed":true},"id":{"type":"string","description_kind":"plain","optional":true,"computed":true},"logtraffic":{"type":"string","description_kind":"plain","optional":true,"computed":true},"name":{"type":"string","description_kind":"plain","optional":true,"computed":true},"pkg":{"type":"string","description_kind":"plain","required":true},"protocol":{"type":"number","description_kind":"plain","optional":true,"computed":true},"scopetype":{"type":"string","description_kind":"plain","optional":true},"snat":{"type":"string","description_kind":"plain","optional":true,"computed":true},"snat_ip":{"type":"string","description_kind":"plain","optional":true,"computed":true},"srcaddr":{"type":["list","string"],"description_kind":"plain","optional":true,"computed":true},"srcintf":{"type":["list","string"],"description_kind":"plain","optional":true,"computed":true},"start_port":{"type":"number","description_kind":"plain","optional":true,"computed":true},"status":{"type":"string","description_kind":"plain","optional":true,"computed":true},"uuid":{"type":"string","description_kind":"plain","optional":true,"computed":true}},"description_kind":"plain"}},"fortimanager_packages_firewall_multicastpolicy6":{"version":0,"block":{"attributes":{"action":{"type":"string","description_kind":"plain","optional":true,"computed":true},"adom":{"type":"string","description_kind":"plain","optional":true},"auto_asic_offload":{"type":"string","description_kind":"plain","optional":true,"computed":true},"comments":{"type":"string","description_kind":"plain","optional":true,"computed":true},"dstaddr":{"type":["list","string"],"description_kind":"plain","optional":true,"computed":true},"dstintf":{"type":["list","string"],"description_kind":"plain","optional":true,"computed":true},"end_port":{"type":"number","description_kind":"plain","optional":true,"computed":true},"fosid":{"type":"number","description_kind":"plain","optional":true,"computed":true},"id":{"type":"string","description_kind":"plain","optional":true,"computed":true},"logtraffic":{"type":"string","description_kind":"plain","optional":true,"computed":true},"name":{"type":"string","description_kind":"plain","optional":true,"computed":true},"pkg":{"type":"string","description_kind":"plain","required":true},"protocol":{"type":"number","description_kind":"plain","optional":true,"computed":true},"scopetype":{"type":"string","description_kind":"plain","optional":true},"srcaddr":{"type":["list","string"],"description_kind":"plain","optional":true,"computed":true},"srcintf":{"type":["list","string"],"description_kind":"plain","optional":true,"computed":true},"start_port":{"type":"number","description_kind":"plain","optional":true,"computed":true},"status":{"type":"string","description_kind":"plain","optional":true,"computed":true},"uuid":{"type":"string","description_kind":"plain","optional":true,"computed":true}},"description_kind":"plain"}},"fortimanager_packages_firewall_multicastpolicy6_move":{"version":0,"block":{"attributes":{"adom":{"type":"string","description_kind":"plain","optional":true},"id":{"type":"string","description_kind":"plain","optional":true,"computed":true},"multicast_policy6":{"type":"string","description_kind":"plain","required":true},"option":{"type":"string","description_kind":"plain","required":true},"pkg":{"type":"string","description_kind":"plain","required":true},"scopetype":{"type":"string","description_kind":"plain","optional":true},"state_pos":{"type":"string","description_kind":"plain","optional":true},"target":{"type":"string","description_kind":"plain","required":true}},"description_kind":"plain"}},"fortimanager_packages_firewall_multicastpolicy_move":{"version":0,"block":{"attributes":{"adom":{"type":"string","description_kind":"plain","optional":true},"id":{"type":"string","description_kind":"plain","optional":true,"computed":true},"multicast_policy":{"type":"string","description_kind":"plain","required":true},"option":{"type":"string","description_kind":"plain","required":true},"pkg":{"type":"string","description_kind":"plain","required":true},"scopetype":{"type":"string","description_kind":"plain","optional":true},"state_pos":{"type":"string","description_kind":"plain","optional":true},"target":{"type":"string","description_kind":"plain","required":true}},"description_kind":"plain"}},"fortimanager_packages_firewall_policy":{"version":0,"block":{"attributes":{"action":{"type":"string","description_kind":"plain","optional":true,"computed":true},"adom":{"type":"string","description_kind":"plain","optional":true},"anti_replay":{"type":"string","description_kind":"plain","optional":true,"computed":true},"app_category":{"type":"string","description_kind":"plain","optional":true,"computed":true},"app_group":{"type":"string","description_kind":"plain","optional":true,"computed":true},"application":{"type":["set","number"],"description_kind":"plain","optional":true,"computed":true},"application_list":{"type":"string","description_kind":"plain","optional":true,"computed":true},"auth_cert":{"type":"string","description_kind":"plain","optional":true,"computed":true},"auth_path":{"type":"string","description_kind":"plain","optional":true,"computed":true},"auth_redirect_addr":{"type":"string","description_kind":"plain","optional":true,"computed":true},"auto_asic_offload":{"type":"string","description_kind":"plain","optional":true,"computed":true},"av_profile":{"type":"string","description_kind":"plain","optional":true,"computed":true},"best_route":{"type":"string","description_kind":"plain","optional":true,"computed":true},"block_notification":{"type":"string","description_kind":"plain","optional":true,"computed":true},"captive_portal_exempt":{"type":"string","description_kind":"plain","optional":true,"computed":true},"capture_packet":{"type":"string","description_kind":"plain","optional":true,"computed":true},"cgn_eif":{"type":"string","description_kind":"plain","optional":true,"computed":true},"cgn_eim":{"type":"string","description_kind":"plain","optional":true,"computed":true},"cgn_log_server_grp":{"type":"string","description_kind":"plain","optional":true,"computed":true},"cgn_resource_quota":{"type":"number","description_kind":"plain","optional":true,"computed":true},"cgn_session_quota":{"type":"number","description_kind":"plain","optional":true,"computed":true},"cifs_profile":{"type":"string","description_kind":"plain","optional":true,"computed":true},"comments":{"type":"string","description_kind":"plain","optional":true,"computed":true},"custom_log_fields":{"type":"string","description_kind":"plain","optional":true,"computed":true},"decrypted_traffic_mirror":{"type":"string","description_kind":"plain","optional":true,"computed":true},"delay_tcp_npu_session":{"type":"string","description_kind":"plain","optional":true,"computed":true},"diffserv_forward":{"type":"string","description_kind":"plain","optional":true,"computed":true},"diffserv_reverse":{"type":"string","description_kind":"plain","optional":true,"computed":true},"diffservcode_forward":{"type":"string","description_kind":"plain","optional":true,"computed":true},"diffservcode_rev":{"type":"string","description_kind":"plain","optional":true,"computed":true},"disclaimer":{"type":"string","description_kind":"plain","optional":true,"computed":true},"dlp_sensor":{"type":"string","description_kind":"plain","optional":true,"computed":true},"dnsfilter_profile":{"type":"string","description_kind":"plain","optional":true,"computed":true},"dsri":{"type":"string","description_kind":"plain","optional":true,"computed":true},"dstaddr":{"type":["list","string"],"description_kind":"plain","optional":true,"computed":true},"dstaddr6":{"type":["list","string"],"description_kind":"plain","optional":true,"computed":true},"dstaddr_negate":{"type":"string","description_kind":"plain","optional":true,"computed":true},"dstintf":{"type":["list","string"],"description_kind":"plain","optional":true,"computed":true},"dynamic_shaping":{"type":"string","description_kind":"plain","optional":true,"computed":true},"dynamic_sort_subtable":{"type":"string","description_kind":"plain","optional":true},"email_collect":{"type":"string","description_kind":"plain","optional":true,"computed":true},"emailfilter_profile":{"type":"string","description_kind":"plain","optional":true,"computed":true},"file_filter_profile":{"type":"string","description_kind":"plain","optional":true,"computed":true},"firewall_session_dirty":{"type":"string","description_kind":"plain","optional":true,"computed":true},"fixedport":{"type":"string","description_kind":"plain","optional":true,"computed":true},"fsso":{"type":"string","description_kind":"plain","optional":true,"computed":true},"fsso_agent_for_ntlm":{"type":"string","description_kind":"plain","optional":true,"computed":true},"fsso_groups":{"type":["list","string"],"description_kind":"plain","optional":true,"computed":true},"geoip_anycast":{"type":"string","description_kind":"plain","optional":true,"computed":true},"geoip_match":{"type":"string","description_kind":"plain","optional":true,"computed":true},"global_label":{"type":"string","description_kind":"plain","optional":true,"computed":true},"groups":{"type":["list","string"],"description_kind":"plain","optional":true,"computed":true},"gtp_profile":{"type":"string","description_kind":"plain","optional":true,"computed":true},"http_policy_redirect":{"type":"string","description_kind":"plain","optional":true,"computed":true},"icap_profile":{"type":"string","description_kind":"plain","optional":true,"computed":true},"id":{"type":"string","description_kind":"plain","optional":true,"computed":true},"identity_based_route":{"type":"string","description_kind":"plain","optional":true,"computed":true},"inbound":{"type":"string","description_kind":"plain","optional":true,"computed":true},"inspection_mode":{"type":"string","description_kind":"plain","optional":true,"computed":true},"internet_service":{"type":"string","description_kind":"plain","optional":true,"computed":true},"internet_service_custom":{"type":"string","description_kind":"plain","optional":true,"computed":true},"internet_service_custom_group":{"type":"string","description_kind":"plain","optional":true,"computed":true},"internet_service_group":{"type":"string","description_kind":"plain","optional":true,"computed":true},"internet_service_id":{"type":"string","description_kind":"plain","optional":true,"computed":true},"internet_service_name":{"type":"string","description_kind":"plain","optional":true,"computed":true},"internet_service_negate":{"type":"string","description_kind":"plain","optional":true,"computed":true},"internet_service_src":{"type":"string","description_kind":"plain","optional":true,"computed":true},"internet_service_src_custom":{"type":"string","description_kind":"plain","optional":true,"computed":true},"internet_service_src_custom_group":{"type":"string","description_kind":"plain","optional":true,"computed":true},"internet_service_src_group":{"type":"string","description_kind":"plain","optional":true,"computed":true},"internet_service_src_id":{"type":"string","description_kind":"plain","optional":true,"computed":true},"internet_service_src_name":{"type":"string","description_kind":"plain","optional":true,"computed":true},"internet_service_src_negate":{"type":"string","description_kind":"plain","optional":true,"computed":true},"ippool":{"type":"string","description_kind":"plain","optional":true,"computed":true},"ips_sensor":{"type":"string","description_kind":"plain","optional":true,"computed":true},"label":{"type":"string","description_kind":"plain","optional":true,"computed":true},"logtraffic":{"type":"string","description_kind":"plain","optional":true,"computed":true},"logtraffic_start":{"type":"string","description_kind":"plain","optional":true,"computed":true},"match_vip":{"type":"string","description_kind":"plain","optional":true,"computed":true},"match_vip_only":{"type":"string","description_kind":"plain","optional":true,"computed":true},"mms_profile":{"type":"string","description_kind":"plain","optional":true,"computed":true},"name":{"type":"string","description_kind":"plain","optional":true,"computed":true},"nat":{"type":"string","description_kind":"plain","optional":true,"computed":true},"natinbound":{"type":"string","description_kind":"plain","optional":true,"computed":true},"natip":{"type":["list","string"],"description_kind":"plain","optional":true,"computed":true},"natoutbound":{"type":"string","description_kind":"plain","optional":true,"computed":true},"np_acceleration":{"type":"string","description_kind":"plain","optional":true,"computed":true},"ntlm":{"type":"string","description_kind":"plain","optional":true,"computed":true},"ntlm_enabled_browsers":{"type":["set","string"],"description_kind":"plain","optional":true,"computed":true},"ntlm_guest":{"type":"string","description_kind":"plain","optional":true,"computed":true},"outbound":{"type":"string","description_kind":"plain","optional":true,"computed":true},"passive_wan_health_measurement":{"type":"string","description_kind":"plain","optional":true,"computed":true},"per_ip_shaper":{"type":"string","description_kind":"plain","optional":true,"computed":true},"permit_any_host":{"type":"string","description_kind":"plain","optional":true,"computed":true},"permit_stun_host":{"type":"string","description_kind":"plain","optional":true,"computed":true},"pkg":{"type":"string","description_kind":"plain","required":true},"policy_offload":{"type":"string","description_kind":"plain","optional":true,"computed":true},"policyid":{"type":"number","description_kind":"plain","optional":true,"computed":true},"poolname":{"type":"string","description_kind":"plain","optional":true,"computed":true},"poolname6":{"type":"string","description_kind":"plain","optional":true,"computed":true},"profile_group":{"type":"string","description_kind":"plain","optional":true,"computed":true},"profile_protocol_options":{"type":"string","description_kind":"plain","optional":true,"computed":true},"profile_type":{"type":"string","description_kind":"plain","optional":true,"computed":true},"radius_mac_auth_bypass":{"type":"string","description_kind":"plain","optional":true,"computed":true},"redirect_url":{"type":"string","description_kind":"plain","optional":true,"computed":true},"replacemsg_override_group":{"type":"string","description_kind":"plain","optional":true,"computed":true},"reputation_direction":{"type":"string","description_kind":"plain","optional":true,"computed":true},"reputation_minimum":{"type":"number","description_kind":"plain","optional":true,"computed":true},"rsso":{"type":"string","description_kind":"plain","optional":true,"computed":true},"rtp_addr":{"type":"string","description_kind":"plain","optional":true,"computed":true},"rtp_nat":{"type":"string","description_kind":"plain","optional":true,"computed":true},"schedule":{"type":"string","description_kind":"plain","optional":true,"computed":true},"schedule_timeout":{"type":"string","description_kind":"plain","optional":true,"computed":true},"scopetype":{"type":"string","description_kind":"plain","optional":true},"send_deny_packet":{"type":"string","description_kind":"plain","optional":true,"computed":true},"service":{"type":["list","string"],"description_kind":"plain","optional":true,"computed":true},"service_negate":{"type":"string","description_kind":"plain","optional":true,"computed":true},"session_ttl":{"type":"string","description_kind":"plain","optional":true,"computed":true},"src_vendor_mac":{"type":["list","string"],"description_kind":"plain","optional":true,"computed":true},"srcaddr":{"type":["list","string"],"description_kind":"plain","optional":true,"computed":true},"srcaddr6":{"type":["list","string"],"description_kind":"plain","optional":true,"computed":true},"srcaddr_negate":{"type":"string","description_kind":"plain","optional":true,"computed":true},"srcintf":{"type":["list","string"],"description_kind":"plain","optional":true,"computed":true},"ssh_filter_profile":{"type":"string","description_kind":"plain","optional":true,"computed":true},"ssh_policy_redirect":{"type":"string","description_kind":"plain","optional":true,"computed":true},"ssl_mirror":{"type":"string","description_kind":"plain","optional":true,"computed":true},"ssl_mirror_intf":{"type":"string","description_kind":"plain","optional":true,"computed":true},"ssl_ssh_profile":{"type":"string","description_kind":"plain","optional":true,"computed":true},"status":{"type":"string","description_kind":"plain","optional":true,"computed":true},"tcp_mss_receiver":{"type":"number","description_kind":"plain","optional":true,"computed":true},"tcp_mss_sender":{"type":"number","description_kind":"plain","optional":true,"computed":true},"tcp_session_without_syn":{"type":"string","description_kind":"plain","optional":true,"computed":true},"timeout_send_rst":{"type":"string","description_kind":"plain","optional":true,"computed":true},"tos":{"type":"string","description_kind":"plain","optional":true,"computed":true},"tos_mask":{"type":"string","description_kind":"plain","optional":true,"computed":true},"tos_negate":{"type":"string","description_kind":"plain","optional":true,"computed":true},"traffic_shaper":{"type":"string","description_kind":"plain","optional":true,"computed":true},"traffic_shaper_reverse":{"type":"string","description_kind":"plain","optional":true,"computed":true},"url_category":{"type":"string","description_kind":"plain","optional":true,"computed":true},"users":{"type":["list","string"],"description_kind":"plain","optional":true,"computed":true},"utm_status":{"type":"string","description_kind":"plain","optional":true,"computed":true},"uuid":{"type":"string","description_kind":"plain","optional":true,"computed":true},"videofilter_profile":{"type":"string","description_kind":"plain","optional":true,"computed":true},"vlan_cos_fwd":{"type":"number","description_kind":"plain","optional":true,"computed":true},"vlan_cos_rev":{"type":"number","description_kind":"plain","optional":true,"computed":true},"vlan_filter":{"type":"string","description_kind":"plain","optional":true,"computed":true},"voip_profile":{"type":"string","description_kind":"plain","optional":true,"computed":true},"vpntunnel":{"type":"string","description_kind":"plain","optional":true,"computed":true},"waf_profile":{"type":"string","description_kind":"plain","optional":true,"computed":true},"wanopt":{"type":"string","description_kind":"plain","optional":true,"computed":true},"wanopt_detection":{"type":"string","description_kind":"plain","optional":true,"computed":true},"wanopt_passive_opt":{"type":"string","description_kind":"plain","optional":true,"computed":true},"wanopt_peer":{"type":"string","description_kind":"plain","optional":true,"computed":true},"wanopt_profile":{"type":"string","description_kind":"plain","optional":true,"computed":true},"wccp":{"type":"string","description_kind":"plain","optional":true,"computed":true},"webcache":{"type":"string","description_kind":"plain","optional":true,"computed":true},"webcache_https":{"type":"string","description_kind":"plain","optional":true,"computed":true},"webfilter_profile":{"type":"string","description_kind":"plain","optional":true,"computed":true},"webproxy_forward_server":{"type":"string","description_kind":"plain","optional":true,"computed":true},"webproxy_profile":{"type":"string","description_kind":"plain","optional":true,"computed":true},"wsso":{"type":"string","description_kind":"plain","optional":true,"computed":true},"ztna_ems_tag":{"type":"string","description_kind":"plain","optional":true,"computed":true},"ztna_geo_tag":{"type":"string","description_kind":"plain","optional":true,"computed":true},"ztna_status":{"type":"string","description_kind":"plain","optional":true,"computed":true}},"block_types":{"vpn_dst_node":{"nesting_mode":"list","block":{"attributes":{"host":{"type":"string","description_kind":"plain","optional":true,"computed":true},"seq":{"type":"number","description_kind":"plain","optional":true,"computed":true},"subnet":{"type":"string","description_kind":"plain","optional":true,"computed":true}},"description_kind":"plain"}},"vpn_src_node":{"nesting_mode":"list","block":{"attributes":{"host":{"type":"string","description_kind":"plain","optional":true,"computed":true},"seq":{"type":"number","description_kind":"plain","optional":true,"computed":true},"subnet":{"type":"string","description_kind":"plain","optional":true,"computed":true}},"description_kind":"plain"}}},"description_kind":"plain"}},"fortimanager_packages_firewall_policy46":{"version":0,"block":{"attributes":{"action":{"type":"string","description_kind":"plain","optional":true,"computed":true},"adom":{"type":"string","description_kind":"plain","optional":true},"cgn_log_server_grp":{"type":"string","description_kind":"plain","optional":true,"computed":true},"comments":{"type":"string","description_kind":"plain","optional":true,"computed":true},"dstaddr":{"type":["list","string"],"description_kind":"plain","optional":true,"computed":true},"dstintf":{"type":["list","string"],"description_kind":"plain","optional":true,"computed":true},"fixedport":{"type":"string","description_kind":"plain","optional":true,"computed":true},"id":{"type":"string","description_kind":"plain","optional":true,"computed":true},"ippool":{"type":"string","description_kind":"plain","optional":true,"computed":true},"logtraffic":{"type":"string","description_kind":"plain","optional":true,"computed":true},"logtraffic_start":{"type":"string","description_kind":"plain","optional":true,"computed":true},"name":{"type":"string","description_kind":"plain","optional":true,"computed":true},"per_ip_shaper":{"type":"string","description_kind":"plain","optional":true,"computed":true},"permit_any_host":{"type":"string","description_kind":"plain","optional":true,"computed":true},"pkg":{"type":"string","description_kind":"plain","required":true},"policy_offload":{"type":"string","description_kind":"plain","optional":true,"computed":true},"policyid":{"type":"number","description_kind":"plain","optional":true,"computed":true},"poolname":{"type":["list","string"],"description_kind":"plain","optional":true,"computed":true},"schedule":{"type":"string","description_kind":"plain","optional":true,"computed":true},"scopetype":{"type":"string","description_kind":"plain","optional":true},"service":{"type":["list","string"],"description_kind":"plain","optional":true,"computed":true},"srcaddr":{"type":["list","string"],"description_kind":"plain","optional":true,"computed":true},"srcintf":{"type":["list","string"],"description_kind":"plain","optional":true,"computed":true},"status":{"type":"string","description_kind":"plain","optional":true,"computed":true},"tcp_mss_receiver":{"type":"number","description_kind":"plain","optional":true,"computed":true},"tcp_mss_sender":{"type":"number","description_kind":"plain","optional":true,"computed":true},"traffic_shaper":{"type":"string","description_kind":"plain","optional":true,"computed":true},"traffic_shaper_reverse":{"type":"string","description_kind":"plain","optional":true,"computed":true},"uuid":{"type":"string","description_kind":"plain","optional":true,"computed":true}},"description_kind":"plain"}},"fortimanager_packages_firewall_policy46_move":{"version":0,"block":{"attributes":{"adom":{"type":"string","description_kind":"plain","optional":true},"id":{"type":"string","description_kind":"plain","optional":true,"computed":true},"option":{"type":"string","description_kind":"plain","required":true},"pkg":{"type":"string","description_kind":"plain","required":true},"policy46":{"type":"string","description_kind":"plain","required":true},"scopetype":{"type":"string","description_kind":"plain","optional":true},"state_pos":{"type":"string","description_kind":"plain","optional":true},"target":{"type":"string","description_kind":"plain","required":true}},"description_kind":"plain"}},"fortimanager_packages_firewall_policy6":{"version":0,"block":{"attributes":{"action":{"type":"string","description_kind":"plain","optional":true,"computed":true},"adom":{"type":"string","description_kind":"plain","optional":true},"anti_replay":{"type":"string","description_kind":"plain","optional":true,"computed":true},"app_category":{"type":"string","description_kind":"plain","optional":true,"computed":true},"app_group":{"type":"string","description_kind":"plain","optional":true,"computed":true},"application":{"type":["set","number"],"description_kind":"plain","optional":true,"computed":true},"application_list":{"type":"string","description_kind":"plain","optional":true,"computed":true},"auto_asic_offload":{"type":"string","description_kind":"plain","optional":true,"computed":true},"av_profile":{"type":"string","description_kind":"plain","optional":true,"computed":true},"cgn_log_server_grp":{"type":"string","description_kind":"plain","optional":true,"computed":true},"cifs_profile":{"type":"string","description_kind":"plain","optional":true,"computed":true},"comments":{"type":"string","description_kind":"plain","optional":true,"computed":true},"custom_log_fields":{"type":"string","description_kind":"plain","optional":true,"computed":true},"diffserv_forward":{"type":"string","description_kind":"plain","optional":true,"computed":true},"diffserv_reverse":{"type":"string","description_kind":"plain","optional":true,"computed":true},"diffservcode_forward":{"type":"string","description_kind":"plain","optional":true,"computed":true},"diffservcode_rev":{"type":"string","description_kind":"plain","optional":true,"computed":true},"dlp_sensor":{"type":"string","description_kind":"plain","optional":true,"computed":true},"dnsfilter_profile":{"type":"string","description_kind":"plain","optional":true,"computed":true},"dsri":{"type":"string","description_kind":"plain","optional":true,"computed":true},"dstaddr":{"type":"string","description_kind":"plain","optional":true,"computed":true},"dstaddr_negate":{"type":"string","description_kind":"plain","optional":true,"computed":true},"dstintf":{"type":"string","description_kind":"plain","optional":true,"computed":true},"emailfilter_profile":{"type":"string","description_kind":"plain","optional":true,"computed":true},"firewall_session_dirty":{"type":"string","description_kind":"plain","optional":true,"computed":true},"fixedport":{"type":"string","description_kind":"plain","optional":true,"computed":true},"fsso_groups":{"type":"string","description_kind":"plain","optional":true,"computed":true},"global_label":{"type":"string","description_kind":"plain","optional":true,"computed":true},"groups":{"type":"string","description_kind":"plain","optional":true,"computed":true},"http_policy_redirect":{"type":"string","description_kind":"plain","optional":true,"computed":true},"icap_profile":{"type":"string","description_kind":"plain","optional":true,"computed":true},"id":{"type":"string","description_kind":"plain","optional":true,"computed":true},"inbound":{"type":"string","description_kind":"plain","optional":true,"computed":true},"inspection_mode":{"type":"string","description_kind":"plain","optional":true,"computed":true},"ippool":{"type":"string","description_kind":"plain","optional":true,"computed":true},"ips_sensor":{"type":"string","description_kind":"plain","optional":true,"computed":true},"label":{"type":"string","description_kind":"plain","optional":true,"computed":true},"logtraffic":{"type":"string","description_kind":"plain","optional":true,"computed":true},"logtraffic_start":{"type":"string","description_kind":"plain","optional":true,"computed":true},"mms_profile":{"type":"string","description_kind":"plain","optional":true,"computed":true},"name":{"type":"string","description_kind":"plain","optional":true,"computed":true},"nat":{"type":"string","description_kind":"plain","optional":true,"computed":true},"natinbound":{"type":"string","description_kind":"plain","optional":true,"computed":true},"natoutbound":{"type":"string","description_kind":"plain","optional":true,"computed":true},"np_acceleration":{"type":"string","description_kind":"plain","optional":true,"computed":true},"outbound":{"type":"string","description_kind":"plain","optional":true,"computed":true},"per_ip_shaper":{"type":"string","description_kind":"plain","optional":true,"computed":true},"pkg":{"type":"string","description_kind":"plain","required":true},"policy_offload":{"type":"string","description_kind":"plain","optional":true,"computed":true},"policyid":{"type":"number","description_kind":"plain","optional":true,"computed":true},"poolname":{"type":"string","description_kind":"plain","optional":true,"computed":true},"profile_group":{"type":"string","description_kind":"plain","optional":true,"computed":true},"profile_protocol_options":{"type":"string","description_kind":"plain","optional":true,"computed":true},"profile_type":{"type":"string","description_kind":"plain","optional":true,"computed":true},"replacemsg_override_group":{"type":"string","description_kind":"plain","optional":true,"computed":true},"rsso":{"type":"string","description_kind":"plain","optional":true,"computed":true},"schedule":{"type":"string","description_kind":"plain","optional":true,"computed":true},"scopetype":{"type":"string","description_kind":"plain","optional":true},"send_deny_packet":{"type":"string","description_kind":"plain","optional":true,"computed":true},"service":{"type":"string","description_kind":"plain","optional":true,"computed":true},"service_negate":{"type":"string","description_kind":"plain","optional":true,"computed":true},"session_ttl":{"type":"string","description_kind":"plain","optional":true,"computed":true},"srcaddr":{"type":"string","description_kind":"plain","optional":true,"computed":true},"srcaddr_negate":{"type":"string","description_kind":"plain","optional":true,"computed":true},"srcintf":{"type":"string","description_kind":"plain","optional":true,"computed":true},"ssh_filter_profile":{"type":"string","description_kind":"plain","optional":true,"computed":true},"ssh_policy_redirect":{"type":"string","description_kind":"plain","optional":true,"computed":true},"ssl_mirror":{"type":"string","description_kind":"plain","optional":true,"computed":true},"ssl_mirror_intf":{"type":"string","description_kind":"plain","optional":true,"computed":true},"ssl_ssh_profile":{"type":"string","description_kind":"plain","optional":true,"computed":true},"status":{"type":"string","description_kind":"plain","optional":true,"computed":true},"tcp_mss_receiver":{"type":"number","description_kind":"plain","optional":true,"computed":true},"tcp_mss_sender":{"type":"number","description_kind":"plain","optional":true,"computed":true},"tcp_session_without_syn":{"type":"string","description_kind":"plain","optional":true,"computed":true},"timeout_send_rst":{"type":"string","description_kind":"plain","optional":true,"computed":true},"tos":{"type":"string","description_kind":"plain","optional":true,"computed":true},"tos_mask":{"type":"string","description_kind":"plain","optional":true,"computed":true},"tos_negate":{"type":"string","description_kind":"plain","optional":true,"computed":true},"traffic_shaper":{"type":"string","description_kind":"plain","optional":true,"computed":true},"traffic_shaper_reverse":{"type":"string","description_kind":"plain","optional":true,"computed":true},"url_category":{"type":"string","description_kind":"plain","optional":true,"computed":true},"users":{"type":"string","description_kind":"plain","optional":true,"computed":true},"utm_status":{"type":"string","description_kind":"plain","optional":true,"computed":true},"uuid":{"type":"string","description_kind":"plain","optional":true,"computed":true},"vlan_cos_fwd":{"type":"number","description_kind":"plain","optional":true,"computed":true},"vlan_cos_rev":{"type":"number","description_kind":"plain","optional":true,"computed":true},"vlan_filter":{"type":"string","description_kind":"plain","optional":true,"computed":true},"voip_profile":{"type":"string","description_kind":"plain","optional":true,"computed":true},"vpntunnel":{"type":"string","description_kind":"plain","optional":true,"computed":true},"waf_profile":{"type":"string","description_kind":"plain","optional":true,"computed":true},"webcache":{"type":"string","description_kind":"plain","optional":true,"computed":true},"webcache_https":{"type":"string","description_kind":"plain","optional":true,"computed":true},"webfilter_profile":{"type":"string","description_kind":"plain","optional":true,"computed":true},"webproxy_forward_server":{"type":"string","description_kind":"plain","optional":true,"computed":true},"webproxy_profile":{"type":"string","description_kind":"plain","optional":true,"computed":true}},"description_kind":"plain"}},"fortimanager_packages_firewall_policy64":{"version":0,"block":{"attributes":{"action":{"type":"string","description_kind":"plain","optional":true,"computed":true},"adom":{"type":"string","description_kind":"plain","optional":true},"cgn_eif":{"type":"string","description_kind":"plain","optional":true,"computed":true},"cgn_eim":{"type":"string","description_kind":"plain","optional":true,"computed":true},"cgn_log_server_grp":{"type":"string","description_kind":"plain","optional":true,"computed":true},"cgn_resource_quota":{"type":"number","description_kind":"plain","optional":true,"computed":true},"cgn_session_quota":{"type":"number","description_kind":"plain","optional":true,"computed":true},"comments":{"type":"string","description_kind":"plain","optional":true,"computed":true},"dstaddr":{"type":["list","string"],"description_kind":"plain","optional":true,"computed":true},"dstintf":{"type":["list","string"],"description_kind":"plain","optional":true,"computed":true},"fixedport":{"type":"string","description_kind":"plain","optional":true,"computed":true},"id":{"type":"string","description_kind":"plain","optional":true,"computed":true},"ippool":{"type":"string","description_kind":"plain","optional":true,"computed":true},"logtraffic":{"type":"string","description_kind":"plain","optional":true,"computed":true},"logtraffic_start":{"type":"string","description_kind":"plain","optional":true,"computed":true},"name":{"type":"string","description_kind":"plain","optional":true,"computed":true},"per_ip_shaper":{"type":"string","description_kind":"plain","optional":true,"computed":true},"permit_any_host":{"type":"string","description_kind":"plain","optional":true,"computed":true},"pkg":{"type":"string","description_kind":"plain","required":true},"policy_offload":{"type":"string","description_kind":"plain","optional":true,"computed":true},"policyid":{"type":"number","description_kind":"plain","optional":true,"computed":true},"poolname":{"type":["list","string"],"description_kind":"plain","optional":true,"computed":true},"schedule":{"type":"string","description_kind":"plain","optional":true,"computed":true},"scopetype":{"type":"string","description_kind":"plain","optional":true},"service":{"type":["list","string"],"description_kind":"plain","optional":true,"computed":true},"srcaddr":{"type":["list","string"],"description_kind":"plain","optional":true,"computed":true},"srcintf":{"type":["list","string"],"description_kind":"plain","optional":true,"computed":true},"status":{"type":"string","description_kind":"plain","optional":true,"computed":true},"tcp_mss_receiver":{"type":"number","description_kind":"plain","optional":true,"computed":true},"tcp_mss_sender":{"type":"number","description_kind":"plain","optional":true,"computed":true},"traffic_shaper":{"type":"string","description_kind":"plain","optional":true,"computed":true},"traffic_shaper_reverse":{"type":"string","description_kind":"plain","optional":true,"computed":true},"uuid":{"type":"string","description_kind":"plain","optional":true,"computed":true}},"description_kind":"plain"}},"fortimanager_packages_firewall_policy64_move":{"version":0,"block":{"attributes":{"adom":{"type":"string","description_kind":"plain","optional":true},"id":{"type":"string","description_kind":"plain","optional":true,"computed":true},"option":{"type":"string","description_kind":"plain","required":true},"pkg":{"type":"string","description_kind":"plain","required":true},"policy64":{"type":"string","description_kind":"plain","required":true},"scopetype":{"type":"string","description_kind":"plain","optional":true},"state_pos":{"type":"string","description_kind":"plain","optional":true},"target":{"type":"string","description_kind":"plain","required":true}},"description_kind":"plain"}},"fortimanager_packages_firewall_policy6_move":{"version":0,"block":{"attributes":{"adom":{"type":"string","description_kind":"plain","optional":true},"id":{"type":"string","description_kind":"plain","optional":true,"computed":true},"option":{"type":"string","description_kind":"plain","required":true},"pkg":{"type":"string","description_kind":"plain","required":true},"policy6":{"type":"string","description_kind":"plain","required":true},"scopetype":{"type":"string","description_kind":"plain","optional":true},"state_pos":{"type":"string","description_kind":"plain","optional":true},"target":{"type":"string","description_kind":"plain","required":true}},"description_kind":"plain"}},"fortimanager_packages_firewall_policy_move":{"version":0,"block":{"attributes":{"adom":{"type":"string","description_kind":"plain","optional":true},"id":{"type":"string","description_kind":"plain","optional":true,"computed":true},"option":{"type":"string","description_kind":"plain","required":true},"pkg":{"type":"string","description_kind":"plain","required":true},"policy":{"type":"string","description_kind":"plain","required":true},"scopetype":{"type":"string","description_kind":"plain","optional":true},"state_pos":{"type":"string","description_kind":"plain","optional":true},"target":{"type":"string","description_kind":"plain","required":true}},"description_kind":"plain"}},"fortimanager_packages_firewall_proxypolicy":{"version":0,"block":{"attributes":{"access_proxy":{"type":["list","string"],"description_kind":"plain","optional":true,"computed":true},"action":{"type":"string","description_kind":"plain","optional":true,"computed":true},"adom":{"type":"string","description_kind":"plain","optional":true},"application_list":{"type":"string","description_kind":"plain","optional":true,"computed":true},"av_profile":{"type":"string","description_kind":"plain","optional":true,"computed":true},"cifs_profile":{"type":"string","description_kind":"plain","optional":true,"computed":true},"comments":{"type":"string","description_kind":"plain","optional":true,"computed":true},"decrypted_traffic_mirror":{"type":"string","description_kind":"plain","optional":true,"computed":true},"device_ownership":{"type":"string","description_kind":"plain","optional":true,"computed":true},"disclaimer":{"type":"string","description_kind":"plain","optional":true,"computed":true},"dlp_sensor":{"type":"string","description_kind":"plain","optional":true,"computed":true},"dstaddr":{"type":["list","string"],"description_kind":"plain","optional":true,"computed":true},"dstaddr6":{"type":["list","string"],"description_kind":"plain","optional":true,"computed":true},"dstaddr_negate":{"type":"string","description_kind":"plain","optional":true,"computed":true},"dstintf":{"type":["list","string"],"description_kind":"plain","optional":true,"computed":true},"emailfilter_profile":{"type":"string","description_kind":"plain","optional":true,"computed":true},"file_filter_profile":{"type":"string","description_kind":"plain","optional":true,"computed":true},"global_label":{"type":"string","description_kind":"plain","optional":true,"computed":true},"groups":{"type":["list","string"],"description_kind":"plain","optional":true,"computed":true},"http_tunnel_auth":{"type":"string","description_kind":"plain","optional":true,"computed":true},"icap_profile":{"type":"string","description_kind":"plain","optional":true,"computed":true},"id":{"type":"string","description_kind":"plain","optional":true,"computed":true},"internet_service":{"type":"string","description_kind":"plain","optional":true,"computed":true},"internet_service_custom":{"type":"string","description_kind":"plain","optional":true,"computed":true},"internet_service_custom_group":{"type":"string","description_kind":"plain","optional":true,"computed":true},"internet_service_group":{"type":"string","description_kind":"plain","optional":true,"computed":true},"internet_service_id":{"type":"string","description_kind":"plain","optional":true,"computed":true},"internet_service_name":{"type":"string","description_kind":"plain","optional":true,"computed":true},"internet_service_negate":{"type":"string","description_kind":"plain","optional":true,"computed":true},"ips_sensor":{"type":"string","description_kind":"plain","optional":true,"computed":true},"label":{"type":"string","description_kind":"plain","optional":true,"computed":true},"logtraffic":{"type":"string","description_kind":"plain","optional":true,"computed":true},"logtraffic_start":{"type":"string","description_kind":"plain","optional":true,"computed":true},"mms_profile":{"type":"string","description_kind":"plain","optional":true,"computed":true},"name":{"type":"string","description_kind":"plain","optional":true,"computed":true},"pkg":{"type":"string","description_kind":"plain","required":true},"policyid":{"type":"number","description_kind":"plain","optional":true,"computed":true},"poolname":{"type":["list","string"],"description_kind":"plain","optional":true,"computed":true},"profile_group":{"type":"string","description_kind":"plain","optional":true,"computed":true},"profile_protocol_options":{"type":"string","description_kind":"plain","optional":true,"computed":true},"profile_type":{"type":"string","description_kind":"plain","optional":true,"computed":true},"proxy":{"type":"string","description_kind":"plain","optional":true,"computed":true},"redirect_url":{"type":"string","description_kind":"plain","optional":true,"computed":true},"replacemsg_override_group":{"type":"string","description_kind":"plain","optional":true,"computed":true},"schedule":{"type":"string","description_kind":"plain","optional":true,"computed":true},"scopetype":{"type":"string","description_kind":"plain","optional":true},"service":{"type":["list","string"],"description_kind":"plain","optional":true,"computed":true},"service_negate":{"type":"string","description_kind":"plain","optional":true,"computed":true},"session_ttl":{"type":"number","description_kind":"plain","optional":true,"computed":true},"srcaddr":{"type":["list","string"],"description_kind":"plain","optional":true,"computed":true},"srcaddr6":{"type":["list","string"],"description_kind":"plain","optional":true,"computed":true},"srcaddr_negate":{"type":"string","description_kind":"plain","optional":true,"computed":true},"srcintf":{"type":"string","description_kind":"plain","optional":true,"computed":true},"ssh_filter_profile":{"type":"string","description_kind":"plain","optional":true,"computed":true},"ssh_policy_redirect":{"type":"string","description_kind":"plain","optional":true,"computed":true},"ssl_ssh_profile":{"type":"string","description_kind":"plain","optional":true,"computed":true},"status":{"type":"string","description_kind":"plain","optional":true,"computed":true},"transparent":{"type":"string","description_kind":"plain","optional":true,"computed":true},"users":{"type":["list","string"],"description_kind":"plain","optional":true,"computed":true},"utm_status":{"type":"string","description_kind":"plain","optional":true,"computed":true},"uuid":{"type":"string","description_kind":"plain","optional":true,"computed":true},"videofilter_profile":{"type":"string","description_kind":"plain","optional":true,"computed":true},"voip_profile":{"type":"string","description_kind":"plain","optional":true,"computed":true},"waf_profile":{"type":"string","description_kind":"plain","optional":true,"computed":true},"webcache":{"type":"string","description_kind":"plain","optional":true,"computed":true},"webcache_https":{"type":"string","description_kind":"plain","optional":true,"computed":true},"webfilter_profile":{"type":"string","description_kind":"plain","optional":true,"computed":true},"webproxy_forward_server":{"type":"string","description_kind":"plain","optional":true,"computed":true},"webproxy_profile":{"type":"string","description_kind":"plain","optional":true,"computed":true},"ztna_ems_tag":{"type":["list","string"],"description_kind":"plain","optional":true,"computed":true}},"description_kind":"plain"}},"fortimanager_packages_firewall_proxypolicy_move":{"version":0,"block":{"attributes":{"adom":{"type":"string","description_kind":"plain","optional":true},"id":{"type":"string","description_kind":"plain","optional":true,"computed":true},"option":{"type":"string","description_kind":"plain","required":true},"pkg":{"type":"string","description_kind":"plain","required":true},"proxy_policy":{"type":"string","description_kind":"plain","required":true},"scopetype":{"type":"string","description_kind":"plain","optional":true},"state_pos":{"type":"string","description_kind":"plain","optional":true},"target":{"type":"string","description_kind":"plain","required":true}},"description_kind":"plain"}},"fortimanager_packages_firewall_securitypolicy":{"version":0,"block":{"attributes":{"action":{"type":"string","description_kind":"plain","optional":true,"computed":true},"adom":{"type":"string","description_kind":"plain","optional":true},"app_category":{"type":"string","description_kind":"plain","optional":true,"computed":true},"app_group":{"type":"string","description_kind":"plain","optional":true,"computed":true},"application":{"type":["set","number"],"description_kind":"plain","optional":true,"computed":true},"application_list":{"type":"string","description_kind":"plain","optional":true,"computed":true},"av_profile":{"type":"string","description_kind":"plain","optional":true,"computed":true},"cifs_profile":{"type":"string","description_kind":"plain","optional":true,"computed":true},"comments":{"type":"string","description_kind":"plain","optional":true,"computed":true},"dlp_sensor":{"type":"string","description_kind":"plain","optional":true,"computed":true},"dnsfilter_profile":{"type":"string","description_kind":"plain","optional":true,"computed":true},"dstaddr":{"type":"string","description_kind":"plain","optional":true,"computed":true},"dstaddr4":{"type":"string","description_kind":"plain","optional":true,"computed":true},"dstaddr6":{"type":"string","description_kind":"plain","optional":true,"computed":true},"dstaddr_negate":{"type":"string","description_kind":"plain","optional":true,"computed":true},"dstintf":{"type":"string","description_kind":"plain","optional":true,"computed":true},"emailfilter_profile":{"type":"string","description_kind":"plain","optional":true,"computed":true},"enforce_default_app_port":{"type":"string","description_kind":"plain","optional":true,"computed":true},"file_filter_profile":{"type":"string","description_kind":"plain","optional":true,"computed":true},"fsso_groups":{"type":"string","description_kind":"plain","optional":true,"computed":true},"global_label":{"type":"string","description_kind":"plain","optional":true,"computed":true},"groups":{"type":"string","description_kind":"plain","optional":true,"computed":true},"icap_profile":{"type":"string","description_kind":"plain","optional":true,"computed":true},"id":{"type":"string","description_kind":"plain","optional":true,"computed":true},"internet_service":{"type":"string","description_kind":"plain","optional":true,"computed":true},"internet_service_custom":{"type":"string","description_kind":"plain","optional":true,"computed":true},"internet_service_custom_group":{"type":"string","description_kind":"plain","optional":true,"computed":true},"internet_service_group":{"type":"string","description_kind":"plain","optional":true,"computed":true},"internet_service_id":{"type":"string","description_kind":"plain","optional":true,"computed":true},"internet_service_name":{"type":"string","description_kind":"plain","optional":true,"computed":true},"internet_service_negate":{"type":"string","description_kind":"plain","optional":true,"computed":true},"internet_service_src":{"type":"string","description_kind":"plain","optional":true,"computed":true},"internet_service_src_custom":{"type":"string","description_kind":"plain","optional":true,"computed":true},"internet_service_src_custom_group":{"type":"string","description_kind":"plain","optional":true,"computed":true},"internet_service_src_group":{"type":"string","description_kind":"plain","optional":true,"computed":true},"internet_service_src_id":{"type":"string","description_kind":"plain","optional":true,"computed":true},"internet_service_src_name":{"type":"string","description_kind":"plain","optional":true,"computed":true},"internet_service_src_negate":{"type":"string","description_kind":"plain","optional":true,"computed":true},"ips_sensor":{"type":"string","description_kind":"plain","optional":true,"computed":true},"learning_mode":{"type":"string","description_kind":"plain","optional":true,"computed":true},"logtraffic":{"type":"string","description_kind":"plain","optional":true,"computed":true},"logtraffic_start":{"type":"string","description_kind":"plain","optional":true,"computed":true},"mms_profile":{"type":"string","description_kind":"plain","optional":true,"computed":true},"name":{"type":"string","description_kind":"plain","optional":true,"computed":true},"pkg":{"type":"string","description_kind":"plain","required":true},"policyid":{"type":"number","description_kind":"plain","optional":true,"computed":true},"profile_group":{"type":"string","description_kind":"plain","optional":true,"computed":true},"profile_protocol_options":{"type":"string","description_kind":"plain","optional":true,"computed":true},"profile_type":{"type":"string","description_kind":"plain","optional":true,"computed":true},"schedule":{"type":"string","description_kind":"plain","optional":true,"computed":true},"scopetype":{"type":"string","description_kind":"plain","optional":true},"send_deny_packet":{"type":"string","description_kind":"plain","optional":true,"computed":true},"service":{"type":"string","description_kind":"plain","optional":true,"computed":true},"service_negate":{"type":"string","description_kind":"plain","optional":true,"computed":true},"srcaddr":{"type":"string","description_kind":"plain","optional":true,"computed":true},"srcaddr4":{"type":"string","description_kind":"plain","optional":true,"computed":true},"srcaddr6":{"type":"string","description_kind":"plain","optional":true,"computed":true},"srcaddr_negate":{"type":"string","description_kind":"plain","optional":true,"computed":true},"srcintf":{"type":"string","description_kind":"plain","optional":true,"computed":true},"ssh_filter_profile":{"type":"string","description_kind":"plain","optional":true,"computed":true},"ssl_ssh_profile":{"type":"string","description_kind":"plain","optional":true,"computed":true},"status":{"type":"string","description_kind":"plain","optional":true,"computed":true},"url_category":{"type":"string","description_kind":"plain","optional":true,"computed":true},"users":{"type":"string","description_kind":"plain","optional":true,"computed":true},"utm_status":{"type":"string","description_kind":"plain","optional":true,"computed":true},"uuid":{"type":"string","description_kind":"plain","optional":true,"computed":true},"videofilter_profile":{"type":"string","description_kind":"plain","optional":true,"computed":true},"voip_profile":{"type":"string","description_kind":"plain","optional":true,"computed":true},"webfilter_profile":{"type":"string","description_kind":"plain","optional":true,"computed":true}},"description_kind":"plain"}},"fortimanager_packages_firewall_securitypolicy_move":{"version":0,"block":{"attributes":{"adom":{"type":"string","description_kind":"plain","optional":true},"id":{"type":"string","description_kind":"plain","optional":true,"computed":true},"option":{"type":"string","description_kind":"plain","required":true},"pkg":{"type":"string","description_kind":"plain","required":true},"scopetype":{"type":"string","description_kind":"plain","optional":true},"security_policy":{"type":"string","description_kind":"plain","required":true},"state_pos":{"type":"string","description_kind":"plain","optional":true},"target":{"type":"string","description_kind":"plain","required":true}},"description_kind":"plain"}},"fortimanager_packages_firewall_shapingpolicy":{"version":0,"block":{"attributes":{"adom":{"type":"string","description_kind":"plain","optional":true},"app_category":{"type":["list","string"],"description_kind":"plain","optional":true,"computed":true},"app_group":{"type":["list","string"],"description_kind":"plain","optional":true,"computed":true},"application":{"type":["set","number"],"description_kind":"plain","optional":true,"computed":true},"class_id":{"type":"string","description_kind":"plain","optional":true,"computed":true},"comment":{"type":"string","description_kind":"plain","optional":true,"computed":true},"diffserv_forward":{"type":"string","description_kind":"plain","optional":true,"computed":true},"diffserv_reverse":{"type":"string","description_kind":"plain","optional":true,"computed":true},"diffservcode_forward":{"type":"string","description_kind":"plain","optional":true,"computed":true},"diffservcode_rev":{"type":"string","description_kind":"plain","optional":true,"computed":true},"dstaddr":{"type":["list","string"],"description_kind":"plain","optional":true,"computed":true},"dstaddr6":{"type":"string","description_kind":"plain","optional":true,"computed":true},"dstintf":{"type":["list","string"],"description_kind":"plain","optional":true,"computed":true},"fosid":{"type":"number","description_kind":"plain","optional":true,"computed":true},"groups":{"type":["list","string"],"description_kind":"plain","optional":true,"computed":true},"id":{"type":"string","description_kind":"plain","optional":true,"computed":true},"internet_service":{"type":"string","description_kind":"plain","optional":true,"computed":true},"internet_service_custom":{"type":["list","string"],"description_kind":"plain","optional":true,"computed":true},"internet_service_custom_group":{"type":["list","string"],"description_kind":"plain","optional":true,"computed":true},"internet_service_group":{"type":["list","string"],"description_kind":"plain","optional":true,"computed":true},"internet_service_id":{"type":"string","description_kind":"plain","optional":true,"computed":true},"internet_service_name":{"type":["list","string"],"description_kind":"plain","optional":true,"computed":true},"internet_service_src":{"type":"string","description_kind":"plain","optional":true,"computed":true},"internet_service_src_custom":{"type":"string","description_kind":"plain","optional":true,"computed":true},"internet_service_src_custom_group":{"type":"string","description_kind":"plain","optional":true,"computed":true},"internet_service_src_group":{"type":"string","description_kind":"plain","optional":true,"computed":true},"internet_service_src_id":{"type":"string","description_kind":"plain","optional":true,"computed":true},"internet_service_src_name":{"type":["list","string"],"description_kind":"plain","optional":true,"computed":true},"ip_version":{"type":"string","description_kind":"plain","optional":true,"computed":true},"name":{"type":"string","description_kind":"plain","optional":true,"computed":true},"per_ip_shaper":{"type":"string","description_kind":"plain","optional":true,"computed":true},"pkg":{"type":"string","description_kind":"plain","required":true},"schedule":{"type":"string","description_kind":"plain","optional":true,"computed":true},"scopetype":{"type":"string","description_kind":"plain","optional":true},"service":{"type":["list","string"],"description_kind":"plain","optional":true,"computed":true},"srcaddr":{"type":["list","string"],"description_kind":"plain","optional":true,"computed":true},"srcaddr6":{"type":"string","description_kind":"plain","optional":true,"computed":true},"srcintf":{"type":["list","string"],"description_kind":"plain","optional":true,"computed":true},"status":{"type":"string","description_kind":"plain","optional":true,"computed":true},"tos":{"type":"string","description_kind":"plain","optional":true,"computed":true},"tos_mask":{"type":"string","description_kind":"plain","optional":true,"computed":true},"tos_negate":{"type":"string","description_kind":"plain","optional":true,"computed":true},"traffic_shaper":{"type":"string","description_kind":"plain","optional":true,"computed":true},"traffic_shaper_reverse":{"type":"string","description_kind":"plain","optional":true,"computed":true},"url_category":{"type":["list","string"],"description_kind":"plain","optional":true,"computed":true},"users":{"type":["list","string"],"description_kind":"plain","optional":true,"computed":true}},"description_kind":"plain"}},"fortimanager_packages_firewall_shapingpolicy_move":{"version":0,"block":{"attributes":{"adom":{"type":"string","description_kind":"plain","optional":true},"id":{"type":"string","description_kind":"plain","optional":true,"computed":true},"option":{"type":"string","description_kind":"plain","required":true},"pkg":{"type":"string","description_kind":"plain","required":true},"scopetype":{"type":"string","description_kind":"plain","optional":true},"shaping_policy":{"type":"string","description_kind":"plain","required":true},"state_pos":{"type":"string","description_kind":"plain","optional":true},"target":{"type":"string","description_kind":"plain","required":true}},"description_kind":"plain"}},"fortimanager_packages_global_footer_consolidated_policy":{"version":0,"block":{"attributes":{"action":{"type":"string","description_kind":"plain","optional":true,"computed":true},"app_category":{"type":"string","description_kind":"plain","optional":true,"computed":true},"app_group":{"type":"string","description_kind":"plain","optional":true,"computed":true},"application":{"type":["set","number"],"description_kind":"plain","optional":true,"computed":true},"application_list":{"type":"string","description_kind":"plain","optional":true,"computed":true},"auto_asic_offload":{"type":"string","description_kind":"plain","optional":true,"computed":true},"av_profile":{"type":"string","description_kind":"plain","optional":true,"computed":true},"captive_portal_exempt":{"type":"string","description_kind":"plain","optional":true,"computed":true},"cifs_profile":{"type":"string","description_kind":"plain","optional":true,"computed":true},"comments":{"type":"string","description_kind":"plain","optional":true,"computed":true},"diffserv_forward":{"type":"string","description_kind":"plain","optional":true,"computed":true},"diffserv_reverse":{"type":"string","description_kind":"plain","optional":true,"computed":true},"diffservcode_forward":{"type":"string","description_kind":"plain","optional":true,"computed":true},"diffservcode_rev":{"type":"string","description_kind":"plain","optional":true,"computed":true},"dlp_sensor":{"type":"string","description_kind":"plain","optional":true,"computed":true},"dnsfilter_profile":{"type":"string","description_kind":"plain","optional":true,"computed":true},"dstaddr4":{"type":"string","description_kind":"plain","optional":true,"computed":true},"dstaddr6":{"type":"string","description_kind":"plain","optional":true,"computed":true},"dstaddr_negate":{"type":"string","description_kind":"plain","optional":true,"computed":true},"dstintf":{"type":"string","description_kind":"plain","optional":true,"computed":true},"emailfilter_profile":{"type":"string","description_kind":"plain","optional":true,"computed":true},"file_filter_profile":{"type":"string","description_kind":"plain","optional":true,"computed":true},"fixedport":{"type":"string","description_kind":"plain","optional":true,"computed":true},"fsso_groups":{"type":"string","description_kind":"plain","optional":true,"computed":true},"global_label":{"type":"string","description_kind":"plain","optional":true,"computed":true},"groups":{"type":"string","description_kind":"plain","optional":true,"computed":true},"http_policy_redirect":{"type":"string","description_kind":"plain","optional":true,"computed":true},"icap_profile":{"type":"string","description_kind":"plain","optional":true,"computed":true},"id":{"type":"string","description_kind":"plain","optional":true,"computed":true},"inbound":{"type":"string","description_kind":"plain","optional":true,"computed":true},"inspection_mode":{"type":"string","description_kind":"plain","optional":true,"computed":true},"internet_service":{"type":"string","description_kind":"plain","optional":true,"computed":true},"internet_service_custom":{"type":"string","description_kind":"plain","optional":true,"computed":true},"internet_service_custom_group":{"type":"string","description_kind":"plain","optional":true,"computed":true},"internet_service_group":{"type":"string","description_kind":"plain","optional":true,"computed":true},"internet_service_id":{"type":"string","description_kind":"plain","optional":true,"computed":true},"internet_service_name":{"type":"string","description_kind":"plain","optional":true,"computed":true},"internet_service_negate":{"type":"string","description_kind":"plain","optional":true,"computed":true},"internet_service_src":{"type":"string","description_kind":"plain","optional":true,"computed":true},"internet_service_src_custom":{"type":"string","description_kind":"plain","optional":true,"computed":true},"internet_service_src_custom_group":{"type":"string","description_kind":"plain","optional":true,"computed":true},"internet_service_src_group":{"type":"string","description_kind":"plain","optional":true,"computed":true},"internet_service_src_id":{"type":"string","description_kind":"plain","optional":true,"computed":true},"internet_service_src_name":{"type":"string","description_kind":"plain","optional":true,"computed":true},"internet_service_src_negate":{"type":"string","description_kind":"plain","optional":true,"computed":true},"ippool":{"type":"string","description_kind":"plain","optional":true,"computed":true},"ips_sensor":{"type":"string","description_kind":"plain","optional":true,"computed":true},"logtraffic":{"type":"string","description_kind":"plain","optional":true,"computed":true},"logtraffic_start":{"type":"string","description_kind":"plain","optional":true,"computed":true},"mms_profile":{"type":"string","description_kind":"plain","optional":true,"computed":true},"name":{"type":"string","description_kind":"plain","optional":true,"computed":true},"nat":{"type":"string","description_kind":"plain","optional":true,"computed":true},"outbound":{"type":"string","description_kind":"plain","optional":true,"computed":true},"per_ip_shaper":{"type":"string","description_kind":"plain","optional":true,"computed":true},"pkg":{"type":"string","description_kind":"plain","required":true},"policyid":{"type":"number","description_kind":"plain","optional":true,"computed":true},"poolname4":{"type":"string","description_kind":"plain","optional":true,"computed":true},"poolname6":{"type":"string","description_kind":"plain","optional":true,"computed":true},"profile_group":{"type":"string","description_kind":"plain","optional":true,"computed":true},"profile_protocol_options":{"type":"string","description_kind":"plain","optional":true,"computed":true},"profile_type":{"type":"string","description_kind":"plain","optional":true,"computed":true},"schedule":{"type":"string","description_kind":"plain","optional":true,"computed":true},"schedule_timeout":{"type":"string","description_kind":"plain","optional":true,"computed":true},"service":{"type":"string","description_kind":"plain","optional":true,"computed":true},"service_negate":{"type":"string","description_kind":"plain","optional":true,"computed":true},"session_ttl":{"type":"number","description_kind":"plain","optional":true,"computed":true},"spamfilter_profile":{"type":"string","description_kind":"plain","optional":true,"computed":true},"srcaddr4":{"type":"string","description_kind":"plain","optional":true,"computed":true},"srcaddr6":{"type":"string","description_kind":"plain","optional":true,"computed":true},"srcaddr_negate":{"type":"string","description_kind":"plain","optional":true,"computed":true},"srcintf":{"type":"string","description_kind":"plain","optional":true,"computed":true},"ssh_filter_profile":{"type":"string","description_kind":"plain","optional":true,"computed":true},"ssh_policy_redirect":{"type":"string","description_kind":"plain","optional":true,"computed":true},"ssl_ssh_profile":{"type":"string","description_kind":"plain","optional":true,"computed":true},"status":{"type":"string","description_kind":"plain","optional":true,"computed":true},"tcp_mss_receiver":{"type":"number","description_kind":"plain","optional":true,"computed":true},"tcp_mss_sender":{"type":"number","description_kind":"plain","optional":true,"computed":true},"traffic_shaper":{"type":"string","description_kind":"plain","optional":true,"computed":true},"traffic_shaper_reverse":{"type":"string","description_kind":"plain","optional":true,"computed":true},"url_category":{"type":"string","description_kind":"plain","optional":true,"computed":true},"users":{"type":"string","description_kind":"plain","optional":true,"computed":true},"utm_inspection_mode":{"type":"string","description_kind":"plain","optional":true,"computed":true},"utm_status":{"type":"string","description_kind":"plain","optional":true,"computed":true},"uuid":{"type":"string","description_kind":"plain","optional":true,"computed":true},"voip_profile":{"type":"string","description_kind":"plain","optional":true,"computed":true},"vpntunnel":{"type":"string","description_kind":"plain","optional":true,"computed":true},"waf_profile":{"type":"string","description_kind":"plain","optional":true,"computed":true},"wanopt":{"type":"string","description_kind":"plain","optional":true,"computed":true},"wanopt_detection":{"type":"string","description_kind":"plain","optional":true,"computed":true},"wanopt_passive_opt":{"type":"string","description_kind":"plain","optional":true,"computed":true},"wanopt_peer":{"type":"string","description_kind":"plain","optional":true,"computed":true},"wanopt_profile":{"type":"string","description_kind":"plain","optional":true,"computed":true},"webcache":{"type":"string","description_kind":"plain","optional":true,"computed":true},"webcache_https":{"type":"string","description_kind":"plain","optional":true,"computed":true},"webfilter_profile":{"type":"string","description_kind":"plain","optional":true,"computed":true},"webproxy_forward_server":{"type":"string","description_kind":"plain","optional":true,"computed":true},"webproxy_profile":{"type":"string","description_kind":"plain","optional":true,"computed":true}},"description_kind":"plain"}},"fortimanager_packages_global_footer_policy":{"version":0,"block":{"attributes":{"action":{"type":"string","description_kind":"plain","optional":true,"computed":true},"active_auth_method":{"type":"string","description_kind":"plain","optional":true,"computed":true},"anti_replay":{"type":"string","description_kind":"plain","optional":true,"computed":true},"app_category":{"type":"string","description_kind":"plain","optional":true,"computed":true},"app_group":{"type":"string","description_kind":"plain","optional":true,"computed":true},"application":{"type":["set","number"],"description_kind":"plain","optional":true,"computed":true},"application_charts":{"type":["set","string"],"description_kind":"plain","optional":true,"computed":true},"application_list":{"type":"string","description_kind":"plain","optional":true,"computed":true},"auth_cert":{"type":"string","description_kind":"plain","optional":true,"computed":true},"auth_method":{"type":"string","description_kind":"plain","optional":true,"computed":true},"auth_path":{"type":"string","description_kind":"plain","optional":true,"computed":true},"auth_portal":{"type":"string","description_kind":"plain","optional":true,"computed":true},"auth_redirect_addr":{"type":"string","description_kind":"plain","optional":true,"computed":true},"auto_asic_offload":{"type":"string","description_kind":"plain","optional":true,"computed":true},"av_profile":{"type":"string","description_kind":"plain","optional":true,"computed":true},"bandwidth":{"type":"string","description_kind":"plain","optional":true,"computed":true},"best_route":{"type":"string","description_kind":"plain","optional":true,"computed":true},"block_notification":{"type":"string","description_kind":"plain","optional":true,"computed":true},"captive_portal_exempt":{"type":"string","description_kind":"plain","optional":true,"computed":true},"capture_packet":{"type":"string","description_kind":"plain","optional":true,"computed":true},"casi_profile":{"type":"string","description_kind":"plain","optional":true,"computed":true},"central_nat":{"type":"string","description_kind":"plain","optional":true,"computed":true},"cgn_eif":{"type":"string","description_kind":"plain","optional":true,"computed":true},"cgn_eim":{"type":"string","description_kind":"plain","optional":true,"computed":true},"cgn_log_server_grp":{"type":"string","description_kind":"plain","optional":true,"computed":true},"cgn_resource_quota":{"type":"number","description_kind":"plain","optional":true,"computed":true},"cgn_session_quota":{"type":"number","description_kind":"plain","optional":true,"computed":true},"cifs_profile":{"type":"string","description_kind":"plain","optional":true,"computed":true},"client_reputation":{"type":"string","description_kind":"plain","optional":true,"computed":true},"client_reputation_mode":{"type":"string","description_kind":"plain","optional":true,"computed":true},"comments":{"type":"string","description_kind":"plain","optional":true,"computed":true},"custom_log_fields":{"type":["list","string"],"description_kind":"plain","optional":true,"computed":true},"decrypted_traffic_mirror":{"type":"string","description_kind":"plain","optional":true,"computed":true},"deep_inspection_options":{"type":"string","description_kind":"plain","optional":true,"computed":true},"delay_tcp_npu_session":{"type":"string","description_kind":"plain","optional":true,"computed":true},"delay_tcp_npu_sessoin":{"type":"string","description_kind":"plain","optional":true,"computed":true},"device_detection_portal":{"type":"string","description_kind":"plain","optional":true,"computed":true},"devices":{"type":"string","description_kind":"plain","optional":true,"computed":true},"diffserv_forward":{"type":"string","description_kind":"plain","optional":true,"computed":true},"diffserv_reverse":{"type":"string","description_kind":"plain","optional":true,"computed":true},"diffservcode_forward":{"type":"string","description_kind":"plain","optional":true,"computed":true},"diffservcode_rev":{"type":"string","description_kind":"plain","optional":true,"computed":true},"disclaimer":{"type":"string","description_kind":"plain","optional":true,"computed":true},"dlp_sensor":{"type":"string","description_kind":"plain","optional":true,"computed":true},"dnsfilter_profile":{"type":"string","description_kind":"plain","optional":true,"computed":true},"dponly":{"type":"string","description_kind":"plain","optional":true,"computed":true},"dscp_match":{"type":"string","description_kind":"plain","optional":true,"computed":true},"dscp_negate":{"type":"string","description_kind":"plain","optional":true,"computed":true},"dscp_value":{"type":"string","description_kind":"plain","optional":true,"computed":true},"dsri":{"type":"string","description_kind":"plain","optional":true,"computed":true},"dstaddr":{"type":["list","string"],"description_kind":"plain","optional":true,"computed":true},"dstaddr6":{"type":["list","string"],"description_kind":"plain","optional":true,"computed":true},"dstaddr_negate":{"type":"string","description_kind":"plain","optional":true,"computed":true},"dstintf":{"type":["list","string"],"description_kind":"plain","optional":true,"computed":true},"dynamic_profile":{"type":"string","description_kind":"plain","optional":true,"computed":true},"dynamic_profile_access":{"type":["set","string"],"description_kind":"plain","optional":true,"computed":true},"dynamic_profile_fallthrough":{"type":"string","description_kind":"plain","optional":true,"computed":true},"dynamic_profile_group":{"type":"string","description_kind":"plain","optional":true,"computed":true},"dynamic_shaping":{"type":"string","description_kind":"plain","optional":true,"computed":true},"email_collect":{"type":"string","description_kind":"plain","optional":true,"computed":true},"email_collection_portal":{"type":"string","description_kind":"plain","optional":true,"computed":true},"emailfilter_profile":{"type":"string","description_kind":"plain","optional":true,"computed":true},"endpoint_check":{"type":"string","description_kind":"plain","optional":true,"computed":true},"endpoint_compliance":{"type":"string","description_kind":"plain","optional":true,"computed":true},"endpoint_keepalive_interface":{"type":"string","description_kind":"plain","optional":true,"computed":true},"endpoint_profile":{"type":"string","description_kind":"plain","optional":true,"computed":true},"failed_connection":{"type":"string","description_kind":"plain","optional":true,"computed":true},"fall_through_unauthenticated":{"type":"string","description_kind":"plain","optional":true,"computed":true},"file_filter_profile":{"type":"string","description_kind":"plain","optional":true,"computed":true},"firewall_session_dirty":{"type":"string","description_kind":"plain","optional":true,"computed":true},"fixedport":{"type":"string","description_kind":"plain","optional":true,"computed":true},"forticlient_compliance_devices":{"type":["set","string"],"description_kind":"plain","optional":true,"computed":true},"forticlient_compliance_enforcement_portal":{"type":"string","description_kind":"plain","optional":true,"computed":true},"fsae":{"type":"string","description_kind":"plain","optional":true,"computed":true},"fsae_server_for_ntlm":{"type":"string","description_kind":"plain","optional":true,"computed":true},"fsso":{"type":"string","description_kind":"plain","optional":true,"computed":true},"fsso_agent_for_ntlm":{"type":"string","description_kind":"plain","optional":true,"computed":true},"fsso_groups":{"type":["list","string"],"description_kind":"plain","optional":true,"computed":true},"geo_location":{"type":"string","description_kind":"plain","optional":true,"computed":true},"geoip_anycast":{"type":"string","description_kind":"plain","optional":true,"computed":true},"geoip_match":{"type":"string","description_kind":"plain","optional":true,"computed":true},"global_label":{"type":"string","description_kind":"plain","optional":true,"computed":true},"groups":{"type":["list","string"],"description_kind":"plain","optional":true,"computed":true},"gtp_profile":{"type":"string","description_kind":"plain","optional":true,"computed":true},"http_policy_redirect":{"type":"string","description_kind":"plain","optional":true,"computed":true},"icap_profile":{"type":"string","description_kind":"plain","optional":true,"computed":true},"id":{"type":"string","description_kind":"plain","optional":true,"computed":true},"identity_based":{"type":"string","description_kind":"plain","optional":true,"computed":true},"identity_based_route":{"type":"string","description_kind":"plain","optional":true,"computed":true},"identity_from":{"type":"string","description_kind":"plain","optional":true,"computed":true},"inbound":{"type":"string","description_kind":"plain","optional":true,"computed":true},"inspection_mode":{"type":"string","description_kind":"plain","optional":true,"computed":true},"internet_service":{"type":"string","description_kind":"plain","optional":true,"computed":true},"internet_service_custom":{"type":"string","description_kind":"plain","optional":true,"computed":true},"internet_service_custom_group":{"type":"string","description_kind":"plain","optional":true,"computed":true},"internet_service_group":{"type":"string","description_kind":"plain","optional":true,"computed":true},"internet_service_id":{"type":"string","description_kind":"plain","optional":true,"computed":true},"internet_service_name":{"type":"string","description_kind":"plain","optional":true,"computed":true},"internet_service_negate":{"type":"string","description_kind":"plain","optional":true,"computed":true},"internet_service_src":{"type":"string","description_kind":"plain","optional":true,"computed":true},"internet_service_src_custom":{"type":"string","description_kind":"plain","optional":true,"computed":true},"internet_service_src_custom_group":{"type":"string","description_kind":"plain","optional":true,"computed":true},"internet_service_src_group":{"type":"string","description_kind":"plain","optional":true,"computed":true},"internet_service_src_id":{"type":"string","description_kind":"plain","optional":true,"computed":true},"internet_service_src_name":{"type":"string","description_kind":"plain","optional":true,"computed":true},"internet_service_src_negate":{"type":"string","description_kind":"plain","optional":true,"computed":true},"ip_based":{"type":"string","description_kind":"plain","optional":true,"computed":true},"ippool":{"type":"string","description_kind":"plain","optional":true,"computed":true},"ips_sensor":{"type":"string","description_kind":"plain","optional":true,"computed":true},"label":{"type":"string","description_kind":"plain","optional":true,"computed":true},"learning_mode":{"type":"string","description_kind":"plain","optional":true,"computed":true},"log_unmatched_traffic":{"type":"string","description_kind":"plain","optional":true,"computed":true},"logtraffic":{"type":"string","description_kind":"plain","optional":true,"computed":true},"logtraffic_app":{"type":"string","description_kind":"plain","optional":true,"computed":true},"logtraffic_start":{"type":"string","description_kind":"plain","optional":true,"computed":true},"match_vip":{"type":"string","description_kind":"plain","optional":true,"computed":true},"match_vip_only":{"type":"string","description_kind":"plain","optional":true,"computed":true},"mms_profile":{"type":"string","description_kind":"plain","optional":true,"computed":true},"name":{"type":"string","description_kind":"plain","optional":true,"computed":true},"nat":{"type":"string","description_kind":"plain","optional":true,"computed":true},"natinbound":{"type":"string","description_kind":"plain","optional":true,"computed":true},"natip":{"type":["list","string"],"description_kind":"plain","optional":true,"computed":true},"natoutbound":{"type":"string","description_kind":"plain","optional":true,"computed":true},"np_acceleration":{"type":"string","description_kind":"plain","optional":true,"computed":true},"ntlm":{"type":"string","description_kind":"plain","optional":true,"computed":true},"ntlm_enabled_browsers":{"type":["set","string"],"description_kind":"plain","optional":true,"computed":true},"ntlm_guest":{"type":"string","description_kind":"plain","optional":true,"computed":true},"outbound":{"type":"string","description_kind":"plain","optional":true,"computed":true},"passive_wan_health_measurement":{"type":"string","description_kind":"plain","optional":true,"computed":true},"per_ip_shaper":{"type":"string","description_kind":"plain","optional":true,"computed":true},"permit_any_host":{"type":"string","description_kind":"plain","optional":true,"computed":true},"permit_stun_host":{"type":"string","description_kind":"plain","optional":true,"computed":true},"pkg":{"type":"string","description_kind":"plain","required":true},"policy_offload":{"type":"string","description_kind":"plain","optional":true,"computed":true},"policyid":{"type":"number","description_kind":"plain","optional":true,"computed":true},"poolname":{"type":"string","description_kind":"plain","optional":true,"computed":true},"poolname6":{"type":"string","description_kind":"plain","optional":true,"computed":true},"profile_group":{"type":"string","description_kind":"plain","optional":true,"computed":true},"profile_protocol_options":{"type":"string","description_kind":"plain","optional":true,"computed":true},"profile_type":{"type":"string","description_kind":"plain","optional":true,"computed":true},"radius_mac_auth_bypass":{"type":"string","description_kind":"plain","optional":true,"computed":true},"redirect_url":{"type":"string","description_kind":"plain","optional":true,"computed":true},"replacemsg_group":{"type":"string","description_kind":"plain","optional":true,"computed":true},"replacemsg_override_group":{"type":"string","description_kind":"plain","optional":true,"computed":true},"reputation_direction":{"type":"string","description_kind":"plain","optional":true,"computed":true},"reputation_minimum":{"type":"number","description_kind":"plain","optional":true,"computed":true},"require_tfa":{"type":"string","description_kind":"plain","optional":true,"computed":true},"rsso":{"type":"string","description_kind":"plain","optional":true,"computed":true},"rtp_addr":{"type":"string","description_kind":"plain","optional":true,"computed":true},"rtp_nat":{"type":"string","description_kind":"plain","optional":true,"computed":true},"scan_botnet_connections":{"type":"string","description_kind":"plain","optional":true,"computed":true},"schedule":{"type":"string","description_kind":"plain","optional":true,"computed":true},"schedule_timeout":{"type":"string","description_kind":"plain","optional":true,"computed":true},"send_deny_packet":{"type":"string","description_kind":"plain","optional":true,"computed":true},"service":{"type":["list","string"],"description_kind":"plain","optional":true,"computed":true},"service_negate":{"type":"string","description_kind":"plain","optional":true,"computed":true},"session_ttl":{"type":"string","description_kind":"plain","optional":true,"computed":true},"sessions":{"type":"string","description_kind":"plain","optional":true,"computed":true},"spamfilter_profile":{"type":"string","description_kind":"plain","optional":true,"computed":true},"src_vendor_mac":{"type":["list","string"],"description_kind":"plain","optional":true,"computed":true},"srcaddr":{"type":["list","string"],"description_kind":"plain","optional":true,"computed":true},"srcaddr6":{"type":["list","string"],"description_kind":"plain","optional":true,"computed":true},"srcaddr_negate":{"type":"string","description_kind":"plain","optional":true,"computed":true},"srcintf":{"type":["list","string"],"description_kind":"plain","optional":true,"computed":true},"ssh_filter_profile":{"type":"string","description_kind":"plain","optional":true,"computed":true},"ssh_policy_redirect":{"type":"string","description_kind":"plain","optional":true,"computed":true},"ssl_mirror":{"type":"string","description_kind":"plain","optional":true,"computed":true},"ssl_mirror_intf":{"type":"string","description_kind":"plain","optional":true,"computed":true},"ssl_ssh_profile":{"type":"string","description_kind":"plain","optional":true,"computed":true},"sslvpn_auth":{"type":"string","description_kind":"plain","optional":true,"computed":true},"sslvpn_ccert":{"type":"string","description_kind":"plain","optional":true,"computed":true},"sslvpn_cipher":{"type":"string","description_kind":"plain","optional":true,"computed":true},"sso_auth_method":{"type":"string","description_kind":"plain","optional":true,"computed":true},"status":{"type":"string","description_kind":"plain","optional":true,"computed":true},"tags":{"type":"string","description_kind":"plain","optional":true,"computed":true},"tcp_mss_receiver":{"type":"number","description_kind":"plain","optional":true,"computed":true},"tcp_mss_sender":{"type":"number","description_kind":"plain","optional":true,"computed":true},"tcp_reset":{"type":"string","description_kind":"plain","optional":true,"computed":true},"tcp_session_without_syn":{"type":"string","description_kind":"plain","optional":true,"computed":true},"timeout_send_rst":{"type":"string","description_kind":"plain","optional":true,"computed":true},"tos":{"type":"string","description_kind":"plain","optional":true,"computed":true},"tos_mask":{"type":"string","description_kind":"plain","optional":true,"computed":true},"tos_negate":{"type":"string","description_kind":"plain","optional":true,"computed":true},"traffic_shaper":{"type":"string","description_kind":"plain","optional":true,"computed":true},"traffic_shaper_reverse":{"type":"string","description_kind":"plain","optional":true,"computed":true},"transaction_based":{"type":"string","description_kind":"plain","optional":true,"computed":true},"url_category":{"type":"string","description_kind":"plain","optional":true,"computed":true},"users":{"type":["list","string"],"description_kind":"plain","optional":true,"computed":true},"utm_inspection_mode":{"type":"string","description_kind":"plain","optional":true,"computed":true},"utm_status":{"type":"string","description_kind":"plain","optional":true,"computed":true},"uuid":{"type":"string","description_kind":"plain","optional":true,"computed":true},"vendor_mac":{"type":"string","description_kind":"plain","optional":true,"computed":true},"videofilter_profile":{"type":"string","description_kind":"plain","optional":true,"computed":true},"vlan_cos_fwd":{"type":"number","description_kind":"plain","optional":true,"computed":true},"vlan_cos_rev":{"type":"number","description_kind":"plain","optional":true,"computed":true},"vlan_filter":{"type":"string","description_kind":"plain","optional":true,"computed":true},"voip_profile":{"type":"string","description_kind":"plain","optional":true,"computed":true},"vpntunnel":{"type":"string","description_kind":"plain","optional":true,"computed":true},"waf_profile":{"type":"string","description_kind":"plain","optional":true,"computed":true},"wanopt":{"type":"string","description_kind":"plain","optional":true,"computed":true},"wanopt_detection":{"type":"string","description_kind":"plain","optional":true,"computed":true},"wanopt_passive_opt":{"type":"string","description_kind":"plain","optional":true,"computed":true},"wanopt_peer":{"type":"string","description_kind":"plain","optional":true,"computed":true},"wanopt_profile":{"type":"string","description_kind":"plain","optional":true,"computed":true},"wccp":{"type":"string","description_kind":"plain","optional":true,"computed":true},"web_auth_cookie":{"type":"string","description_kind":"plain","optional":true,"computed":true},"webcache":{"type":"string","description_kind":"plain","optional":true,"computed":true},"webcache_https":{"type":"string","description_kind":"plain","optional":true,"computed":true},"webfilter_profile":{"type":"string","description_kind":"plain","optional":true,"computed":true},"webproxy_forward_server":{"type":"string","description_kind":"plain","optional":true,"computed":true},"webproxy_profile":{"type":"string","description_kind":"plain","optional":true,"computed":true},"wsso":{"type":"string","description_kind":"plain","optional":true,"computed":true},"ztna_ems_tag":{"type":["list","string"],"description_kind":"plain","optional":true,"computed":true},"ztna_geo_tag":{"type":["list","string"],"description_kind":"plain","optional":true,"computed":true},"ztna_status":{"type":"string","description_kind":"plain","optional":true,"computed":true}},"description_kind":"plain"}},"fortimanager_packages_global_footer_policy6":{"version":0,"block":{"attributes":{"action":{"type":"string","description_kind":"plain","optional":true,"computed":true},"anti_replay":{"type":"string","description_kind":"plain","optional":true,"computed":true},"app_category":{"type":"string","description_kind":"plain","optional":true,"computed":true},"app_group":{"type":"string","description_kind":"plain","optional":true,"computed":true},"application":{"type":["set","number"],"description_kind":"plain","optional":true,"computed":true},"application_charts":{"type":["set","string"],"description_kind":"plain","optional":true,"computed":true},"application_list":{"type":"string","description_kind":"plain","optional":true,"computed":true},"auto_asic_offload":{"type":"string","description_kind":"plain","optional":true,"computed":true},"av_profile":{"type":"string","description_kind":"plain","optional":true,"computed":true},"casi_profile":{"type":"string","description_kind":"plain","optional":true,"computed":true},"cgn_log_server_grp":{"type":"string","description_kind":"plain","optional":true,"computed":true},"cifs_profile":{"type":"string","description_kind":"plain","optional":true,"computed":true},"comments":{"type":"string","description_kind":"plain","optional":true,"computed":true},"custom_log_fields":{"type":"string","description_kind":"plain","optional":true,"computed":true},"decrypted_traffic_mirror":{"type":"string","description_kind":"plain","optional":true,"computed":true},"deep_inspection_options":{"type":"string","description_kind":"plain","optional":true,"computed":true},"device_detection_portal":{"type":"string","description_kind":"plain","optional":true,"computed":true},"devices":{"type":"string","description_kind":"plain","optional":true,"computed":true},"diffserv_forward":{"type":"string","description_kind":"plain","optional":true,"computed":true},"diffserv_reverse":{"type":"string","description_kind":"plain","optional":true,"computed":true},"diffservcode_forward":{"type":"string","description_kind":"plain","optional":true,"computed":true},"diffservcode_rev":{"type":"string","description_kind":"plain","optional":true,"computed":true},"dlp_sensor":{"type":"string","description_kind":"plain","optional":true,"computed":true},"dnsfilter_profile":{"type":"string","description_kind":"plain","optional":true,"computed":true},"dscp_match":{"type":"string","description_kind":"plain","optional":true,"computed":true},"dscp_negate":{"type":"string","description_kind":"plain","optional":true,"computed":true},"dscp_value":{"type":"string","description_kind":"plain","optional":true,"computed":true},"dsri":{"type":"string","description_kind":"plain","optional":true,"computed":true},"dstaddr":{"type":"string","description_kind":"plain","optional":true,"computed":true},"dstaddr_negate":{"type":"string","description_kind":"plain","optional":true,"computed":true},"dstintf":{"type":"string","description_kind":"plain","optional":true,"computed":true},"dynamic_profile":{"type":"string","description_kind":"plain","optional":true,"computed":true},"dynamic_profile_access":{"type":["set","string"],"description_kind":"plain","optional":true,"computed":true},"dynamic_profile_group":{"type":"string","description_kind":"plain","optional":true,"computed":true},"email_collection_portal":{"type":"string","description_kind":"plain","optional":true,"computed":true},"emailfilter_profile":{"type":"string","description_kind":"plain","optional":true,"computed":true},"file_filter_profile":{"type":"string","description_kind":"plain","optional":true,"computed":true},"firewall_session_dirty":{"type":"string","description_kind":"plain","optional":true,"computed":true},"fixedport":{"type":"string","description_kind":"plain","optional":true,"computed":true},"fsae":{"type":"string","description_kind":"plain","optional":true,"computed":true},"fsso_groups":{"type":"string","description_kind":"plain","optional":true,"computed":true},"global_label":{"type":"string","description_kind":"plain","optional":true,"computed":true},"groups":{"type":"string","description_kind":"plain","optional":true,"computed":true},"http_policy_redirect":{"type":"string","description_kind":"plain","optional":true,"computed":true},"icap_profile":{"type":"string","description_kind":"plain","optional":true,"computed":true},"id":{"type":"string","description_kind":"plain","optional":true,"computed":true},"identity_based":{"type":"string","description_kind":"plain","optional":true,"computed":true},"identity_from":{"type":"string","description_kind":"plain","optional":true,"computed":true},"inbound":{"type":"string","description_kind":"plain","optional":true,"computed":true},"inspection_mode":{"type":"string","description_kind":"plain","optional":true,"computed":true},"ippool":{"type":"string","description_kind":"plain","optional":true,"computed":true},"ips_sensor":{"type":"string","description_kind":"plain","optional":true,"computed":true},"label":{"type":"string","description_kind":"plain","optional":true,"computed":true},"logtraffic":{"type":"string","description_kind":"plain","optional":true,"computed":true},"logtraffic_start":{"type":"string","description_kind":"plain","optional":true,"computed":true},"mms_profile":{"type":"string","description_kind":"plain","optional":true,"computed":true},"name":{"type":"string","description_kind":"plain","optional":true,"computed":true},"nat":{"type":"string","description_kind":"plain","optional":true,"computed":true},"natinbound":{"type":"string","description_kind":"plain","optional":true,"computed":true},"natoutbound":{"type":"string","description_kind":"plain","optional":true,"computed":true},"np_accelation":{"type":"string","description_kind":"plain","optional":true,"computed":true},"np_acceleration":{"type":"string","description_kind":"plain","optional":true,"computed":true},"outbound":{"type":"string","description_kind":"plain","optional":true,"computed":true},"per_ip_shaper":{"type":"string","description_kind":"plain","optional":true,"computed":true},"pkg":{"type":"string","description_kind":"plain","required":true},"policy_offload":{"type":"string","description_kind":"plain","optional":true,"computed":true},"policyid":{"type":"number","description_kind":"plain","optional":true,"computed":true},"poolname":{"type":"string","description_kind":"plain","optional":true,"computed":true},"profile_group":{"type":"string","description_kind":"plain","optional":true,"computed":true},"profile_protocol_options":{"type":"string","description_kind":"plain","optional":true,"computed":true},"profile_type":{"type":"string","description_kind":"plain","optional":true,"computed":true},"replacemsg_group":{"type":"string","description_kind":"plain","optional":true,"computed":true},"replacemsg_override_group":{"type":"string","description_kind":"plain","optional":true,"computed":true},"rsso":{"type":"string","description_kind":"plain","optional":true,"computed":true},"schedule":{"type":"string","description_kind":"plain","optional":true,"computed":true},"send_deny_packet":{"type":"string","description_kind":"plain","optional":true,"computed":true},"service":{"type":"string","description_kind":"plain","optional":true,"computed":true},"service_negate":{"type":"string","description_kind":"plain","optional":true,"computed":true},"session_ttl":{"type":"string","description_kind":"plain","optional":true,"computed":true},"spamfilter_profile":{"type":"string","description_kind":"plain","optional":true,"computed":true},"srcaddr":{"type":"string","description_kind":"plain","optional":true,"computed":true},"srcaddr_negate":{"type":"string","description_kind":"plain","optional":true,"computed":true},"srcintf":{"type":"string","description_kind":"plain","optional":true,"computed":true},"ssh_filter_profile":{"type":"string","description_kind":"plain","optional":true,"computed":true},"ssh_policy_redirect":{"type":"string","description_kind":"plain","optional":true,"computed":true},"ssl_mirror":{"type":"string","description_kind":"plain","optional":true,"computed":true},"ssl_mirror_intf":{"type":"string","description_kind":"plain","optional":true,"computed":true},"ssl_ssh_profile":{"type":"string","description_kind":"plain","optional":true,"computed":true},"sslvpn_auth":{"type":"string","description_kind":"plain","optional":true,"computed":true},"sslvpn_ccert":{"type":"string","description_kind":"plain","optional":true,"computed":true},"sslvpn_cipher":{"type":"string","description_kind":"plain","optional":true,"computed":true},"status":{"type":"string","description_kind":"plain","optional":true,"computed":true},"tags":{"type":"string","description_kind":"plain","optional":true,"computed":true},"tcp_mss_receiver":{"type":"number","description_kind":"plain","optional":true,"computed":true},"tcp_mss_sender":{"type":"number","description_kind":"plain","optional":true,"computed":true},"tcp_session_without_syn":{"type":"string","description_kind":"plain","optional":true,"computed":true},"timeout_send_rst":{"type":"string","description_kind":"plain","optional":true,"computed":true},"tos":{"type":"string","description_kind":"plain","optional":true,"computed":true},"tos_mask":{"type":"string","description_kind":"plain","optional":true,"computed":true},"tos_negate":{"type":"string","description_kind":"plain","optional":true,"computed":true},"traffic_shaper":{"type":"string","description_kind":"plain","optional":true,"computed":true},"traffic_shaper_reverse":{"type":"string","description_kind":"plain","optional":true,"computed":true},"url_category":{"type":"string","description_kind":"plain","optional":true,"computed":true},"users":{"type":"string","description_kind":"plain","optional":true,"computed":true},"utm_inspection_mode":{"type":"string","description_kind":"plain","optional":true,"computed":true},"utm_status":{"type":"string","description_kind":"plain","optional":true,"computed":true},"uuid":{"type":"string","description_kind":"plain","optional":true,"computed":true},"vlan_cos_fwd":{"type":"number","description_kind":"plain","optional":true,"computed":true},"vlan_cos_rev":{"type":"number","description_kind":"plain","optional":true,"computed":true},"vlan_filter":{"type":"string","description_kind":"plain","optional":true,"computed":true},"voip_profile":{"type":"string","description_kind":"plain","optional":true,"computed":true},"vpntunnel":{"type":"string","description_kind":"plain","optional":true,"computed":true},"waf_profile":{"type":"string","description_kind":"plain","optional":true,"computed":true},"webcache":{"type":"string","description_kind":"plain","optional":true,"computed":true},"webcache_https":{"type":"string","description_kind":"plain","optional":true,"computed":true},"webfilter_profile":{"type":"string","description_kind":"plain","optional":true,"computed":true},"webproxy_forward_server":{"type":"string","description_kind":"plain","optional":true,"computed":true},"webproxy_profile":{"type":"string","description_kind":"plain","optional":true,"computed":true}},"description_kind":"plain"}},"fortimanager_packages_global_footer_shapingpolicy":{"version":0,"block":{"attributes":{"app_category":{"type":"string","description_kind":"plain","optional":true,"computed":true},"app_group":{"type":"string","description_kind":"plain","optional":true,"computed":true},"application":{"type":["set","number"],"description_kind":"plain","optional":true,"computed":true},"class_id":{"type":"string","description_kind":"plain","optional":true,"computed":true},"comment":{"type":"string","description_kind":"plain","optional":true,"computed":true},"diffserv_forward":{"type":"string","description_kind":"plain","optional":true,"computed":true},"diffserv_reverse":{"type":"string","description_kind":"plain","optional":true,"computed":true},"diffservcode_forward":{"type":"string","description_kind":"plain","optional":true,"computed":true},"diffservcode_rev":{"type":"string","description_kind":"plain","optional":true,"computed":true},"dstaddr":{"type":"string","description_kind":"plain","optional":true,"computed":true},"dstaddr6":{"type":"string","description_kind":"plain","optional":true,"computed":true},"dstintf":{"type":"string","description_kind":"plain","optional":true,"computed":true},"fosid":{"type":"number","description_kind":"plain","optional":true,"computed":true},"groups":{"type":"string","description_kind":"plain","optional":true,"computed":true},"id":{"type":"string","description_kind":"plain","optional":true,"computed":true},"internet_service":{"type":"string","description_kind":"plain","optional":true,"computed":true},"internet_service_custom":{"type":"string","description_kind":"plain","optional":true,"computed":true},"internet_service_custom_group":{"type":"string","description_kind":"plain","optional":true,"computed":true},"internet_service_group":{"type":"string","description_kind":"plain","optional":true,"computed":true},"internet_service_id":{"type":"string","description_kind":"plain","optional":true,"computed":true},"internet_service_name":{"type":"string","description_kind":"plain","optional":true,"computed":true},"internet_service_src":{"type":"string","description_kind":"plain","optional":true,"computed":true},"internet_service_src_custom":{"type":"string","description_kind":"plain","optional":true,"computed":true},"internet_service_src_custom_group":{"type":"string","description_kind":"plain","optional":true,"computed":true},"internet_service_src_group":{"type":"string","description_kind":"plain","optional":true,"computed":true},"internet_service_src_id":{"type":"string","description_kind":"plain","optional":true,"computed":true},"internet_service_src_name":{"type":"string","description_kind":"plain","optional":true,"computed":true},"ip_version":{"type":"string","description_kind":"plain","optional":true,"computed":true},"name":{"type":"string","description_kind":"plain","optional":true,"computed":true},"per_ip_shaper":{"type":"string","description_kind":"plain","optional":true,"computed":true},"pkg":{"type":"string","description_kind":"plain","required":true},"schedule":{"type":"string","description_kind":"plain","optional":true,"computed":true},"service":{"type":"string","description_kind":"plain","optional":true,"computed":true},"srcaddr":{"type":"string","description_kind":"plain","optional":true,"computed":true},"srcaddr6":{"type":"string","description_kind":"plain","optional":true,"computed":true},"srcintf":{"type":"string","description_kind":"plain","optional":true,"computed":true},"status":{"type":"string","description_kind":"plain","optional":true,"computed":true},"tos":{"type":"string","description_kind":"plain","optional":true,"computed":true},"tos_mask":{"type":"string","description_kind":"plain","optional":true,"computed":true},"tos_negate":{"type":"string","description_kind":"plain","optional":true,"computed":true},"traffic_shaper":{"type":"string","description_kind":"plain","optional":true,"computed":true},"traffic_shaper_reverse":{"type":"string","description_kind":"plain","optional":true,"computed":true},"url_category":{"type":"string","description_kind":"plain","optional":true,"computed":true},"users":{"type":"string","description_kind":"plain","optional":true,"computed":true},"uuid":{"type":"string","description_kind":"plain","optional":true,"computed":true}},"description_kind":"plain"}},"fortimanager_packages_global_header_consolidated_policy":{"version":0,"block":{"attributes":{"action":{"type":"string","description_kind":"plain","optional":true,"computed":true},"app_category":{"type":"string","description_kind":"plain","optional":true,"computed":true},"app_group":{"type":"string","description_kind":"plain","optional":true,"computed":true},"application":{"type":["set","number"],"description_kind":"plain","optional":true,"computed":true},"application_list":{"type":"string","description_kind":"plain","optional":true,"computed":true},"auto_asic_offload":{"type":"string","description_kind":"plain","optional":true,"computed":true},"av_profile":{"type":"string","description_kind":"plain","optional":true,"computed":true},"captive_portal_exempt":{"type":"string","description_kind":"plain","optional":true,"computed":true},"cifs_profile":{"type":"string","description_kind":"plain","optional":true,"computed":true},"comments":{"type":"string","description_kind":"plain","optional":true,"computed":true},"diffserv_forward":{"type":"string","description_kind":"plain","optional":true,"computed":true},"diffserv_reverse":{"type":"string","description_kind":"plain","optional":true,"computed":true},"diffservcode_forward":{"type":"string","description_kind":"plain","optional":true,"computed":true},"diffservcode_rev":{"type":"string","description_kind":"plain","optional":true,"computed":true},"dlp_sensor":{"type":"string","description_kind":"plain","optional":true,"computed":true},"dnsfilter_profile":{"type":"string","description_kind":"plain","optional":true,"computed":true},"dstaddr4":{"type":"string","description_kind":"plain","optional":true,"computed":true},"dstaddr6":{"type":"string","description_kind":"plain","optional":true,"computed":true},"dstaddr_negate":{"type":"string","description_kind":"plain","optional":true,"computed":true},"dstintf":{"type":"string","description_kind":"plain","optional":true,"computed":true},"emailfilter_profile":{"type":"string","description_kind":"plain","optional":true,"computed":true},"file_filter_profile":{"type":"string","description_kind":"plain","optional":true,"computed":true},"fixedport":{"type":"string","description_kind":"plain","optional":true,"computed":true},"fsso_groups":{"type":"string","description_kind":"plain","optional":true,"computed":true},"global_label":{"type":"string","description_kind":"plain","optional":true,"computed":true},"groups":{"type":"string","description_kind":"plain","optional":true,"computed":true},"http_policy_redirect":{"type":"string","description_kind":"plain","optional":true,"computed":true},"icap_profile":{"type":"string","description_kind":"plain","optional":true,"computed":true},"id":{"type":"string","description_kind":"plain","optional":true,"computed":true},"inbound":{"type":"string","description_kind":"plain","optional":true,"computed":true},"inspection_mode":{"type":"string","description_kind":"plain","optional":true,"computed":true},"internet_service":{"type":"string","description_kind":"plain","optional":true,"computed":true},"internet_service_custom":{"type":"string","description_kind":"plain","optional":true,"computed":true},"internet_service_custom_group":{"type":"string","description_kind":"plain","optional":true,"computed":true},"internet_service_group":{"type":"string","description_kind":"plain","optional":true,"computed":true},"internet_service_id":{"type":"string","description_kind":"plain","optional":true,"computed":true},"internet_service_name":{"type":"string","description_kind":"plain","optional":true,"computed":true},"internet_service_negate":{"type":"string","description_kind":"plain","optional":true,"computed":true},"internet_service_src":{"type":"string","description_kind":"plain","optional":true,"computed":true},"internet_service_src_custom":{"type":"string","description_kind":"plain","optional":true,"computed":true},"internet_service_src_custom_group":{"type":"string","description_kind":"plain","optional":true,"computed":true},"internet_service_src_group":{"type":"string","description_kind":"plain","optional":true,"computed":true},"internet_service_src_id":{"type":"string","description_kind":"plain","optional":true,"computed":true},"internet_service_src_name":{"type":"string","description_kind":"plain","optional":true,"computed":true},"internet_service_src_negate":{"type":"string","description_kind":"plain","optional":true,"computed":true},"ippool":{"type":"string","description_kind":"plain","optional":true,"computed":true},"ips_sensor":{"type":"string","description_kind":"plain","optional":true,"computed":true},"logtraffic":{"type":"string","description_kind":"plain","optional":true,"computed":true},"logtraffic_start":{"type":"string","description_kind":"plain","optional":true,"computed":true},"mms_profile":{"type":"string","description_kind":"plain","optional":true,"computed":true},"name":{"type":"string","description_kind":"plain","optional":true,"computed":true},"nat":{"type":"string","description_kind":"plain","optional":true,"computed":true},"outbound":{"type":"string","description_kind":"plain","optional":true,"computed":true},"per_ip_shaper":{"type":"string","description_kind":"plain","optional":true,"computed":true},"pkg":{"type":"string","description_kind":"plain","required":true},"policyid":{"type":"number","description_kind":"plain","optional":true,"computed":true},"poolname4":{"type":"string","description_kind":"plain","optional":true,"computed":true},"poolname6":{"type":"string","description_kind":"plain","optional":true,"computed":true},"profile_group":{"type":"string","description_kind":"plain","optional":true,"computed":true},"profile_protocol_options":{"type":"string","description_kind":"plain","optional":true,"computed":true},"profile_type":{"type":"string","description_kind":"plain","optional":true,"computed":true},"schedule":{"type":"string","description_kind":"plain","optional":true,"computed":true},"schedule_timeout":{"type":"string","description_kind":"plain","optional":true,"computed":true},"service":{"type":"string","description_kind":"plain","optional":true,"computed":true},"service_negate":{"type":"string","description_kind":"plain","optional":true,"computed":true},"session_ttl":{"type":"number","description_kind":"plain","optional":true,"computed":true},"spamfilter_profile":{"type":"string","description_kind":"plain","optional":true,"computed":true},"srcaddr4":{"type":"string","description_kind":"plain","optional":true,"computed":true},"srcaddr6":{"type":"string","description_kind":"plain","optional":true,"computed":true},"srcaddr_negate":{"type":"string","description_kind":"plain","optional":true,"computed":true},"srcintf":{"type":"string","description_kind":"plain","optional":true,"computed":true},"ssh_filter_profile":{"type":"string","description_kind":"plain","optional":true,"computed":true},"ssh_policy_redirect":{"type":"string","description_kind":"plain","optional":true,"computed":true},"ssl_ssh_profile":{"type":"string","description_kind":"plain","optional":true,"computed":true},"status":{"type":"string","description_kind":"plain","optional":true,"computed":true},"tcp_mss_receiver":{"type":"number","description_kind":"plain","optional":true,"computed":true},"tcp_mss_sender":{"type":"number","description_kind":"plain","optional":true,"computed":true},"traffic_shaper":{"type":"string","description_kind":"plain","optional":true,"computed":true},"traffic_shaper_reverse":{"type":"string","description_kind":"plain","optional":true,"computed":true},"url_category":{"type":"string","description_kind":"plain","optional":true,"computed":true},"users":{"type":"string","description_kind":"plain","optional":true,"computed":true},"utm_inspection_mode":{"type":"string","description_kind":"plain","optional":true,"computed":true},"utm_status":{"type":"string","description_kind":"plain","optional":true,"computed":true},"uuid":{"type":"string","description_kind":"plain","optional":true,"computed":true},"voip_profile":{"type":"string","description_kind":"plain","optional":true,"computed":true},"vpntunnel":{"type":"string","description_kind":"plain","optional":true,"computed":true},"waf_profile":{"type":"string","description_kind":"plain","optional":true,"computed":true},"wanopt":{"type":"string","description_kind":"plain","optional":true,"computed":true},"wanopt_detection":{"type":"string","description_kind":"plain","optional":true,"computed":true},"wanopt_passive_opt":{"type":"string","description_kind":"plain","optional":true,"computed":true},"wanopt_peer":{"type":"string","description_kind":"plain","optional":true,"computed":true},"wanopt_profile":{"type":"string","description_kind":"plain","optional":true,"computed":true},"webcache":{"type":"string","description_kind":"plain","optional":true,"computed":true},"webcache_https":{"type":"string","description_kind":"plain","optional":true,"computed":true},"webfilter_profile":{"type":"string","description_kind":"plain","optional":true,"computed":true},"webproxy_forward_server":{"type":"string","description_kind":"plain","optional":true,"computed":true},"webproxy_profile":{"type":"string","description_kind":"plain","optional":true,"computed":true}},"description_kind":"plain"}},"fortimanager_packages_global_header_policy":{"version":0,"block":{"attributes":{"action":{"type":"string","description_kind":"plain","optional":true,"computed":true},"active_auth_method":{"type":"string","description_kind":"plain","optional":true,"computed":true},"anti_replay":{"type":"string","description_kind":"plain","optional":true,"computed":true},"app_category":{"type":"string","description_kind":"plain","optional":true,"computed":true},"app_group":{"type":"string","description_kind":"plain","optional":true,"computed":true},"application":{"type":["set","number"],"description_kind":"plain","optional":true,"computed":true},"application_charts":{"type":["set","string"],"description_kind":"plain","optional":true,"computed":true},"application_list":{"type":"string","description_kind":"plain","optional":true,"computed":true},"auth_cert":{"type":"string","description_kind":"plain","optional":true,"computed":true},"auth_method":{"type":"string","description_kind":"plain","optional":true,"computed":true},"auth_path":{"type":"string","description_kind":"plain","optional":true,"computed":true},"auth_portal":{"type":"string","description_kind":"plain","optional":true,"computed":true},"auth_redirect_addr":{"type":"string","description_kind":"plain","optional":true,"computed":true},"auto_asic_offload":{"type":"string","description_kind":"plain","optional":true,"computed":true},"av_profile":{"type":"string","description_kind":"plain","optional":true,"computed":true},"bandwidth":{"type":"string","description_kind":"plain","optional":true,"computed":true},"best_route":{"type":"string","description_kind":"plain","optional":true,"computed":true},"block_notification":{"type":"string","description_kind":"plain","optional":true,"computed":true},"captive_portal_exempt":{"type":"string","description_kind":"plain","optional":true,"computed":true},"capture_packet":{"type":"string","description_kind":"plain","optional":true,"computed":true},"casi_profile":{"type":"string","description_kind":"plain","optional":true,"computed":true},"central_nat":{"type":"string","description_kind":"plain","optional":true,"computed":true},"cgn_eif":{"type":"string","description_kind":"plain","optional":true,"computed":true},"cgn_eim":{"type":"string","description_kind":"plain","optional":true,"computed":true},"cgn_log_server_grp":{"type":"string","description_kind":"plain","optional":true,"computed":true},"cgn_resource_quota":{"type":"number","description_kind":"plain","optional":true,"computed":true},"cgn_session_quota":{"type":"number","description_kind":"plain","optional":true,"computed":true},"cifs_profile":{"type":"string","description_kind":"plain","optional":true,"computed":true},"client_reputation":{"type":"string","description_kind":"plain","optional":true,"computed":true},"client_reputation_mode":{"type":"string","description_kind":"plain","optional":true,"computed":true},"comments":{"type":"string","description_kind":"plain","optional":true,"computed":true},"custom_log_fields":{"type":["list","string"],"description_kind":"plain","optional":true,"computed":true},"decrypted_traffic_mirror":{"type":"string","description_kind":"plain","optional":true,"computed":true},"deep_inspection_options":{"type":"string","description_kind":"plain","optional":true,"computed":true},"delay_tcp_npu_session":{"type":"string","description_kind":"plain","optional":true,"computed":true},"delay_tcp_npu_sessoin":{"type":"string","description_kind":"plain","optional":true,"computed":true},"device_detection_portal":{"type":"string","description_kind":"plain","optional":true,"computed":true},"devices":{"type":"string","description_kind":"plain","optional":true,"computed":true},"diffserv_forward":{"type":"string","description_kind":"plain","optional":true,"computed":true},"diffserv_reverse":{"type":"string","description_kind":"plain","optional":true,"computed":true},"diffservcode_forward":{"type":"string","description_kind":"plain","optional":true,"computed":true},"diffservcode_rev":{"type":"string","description_kind":"plain","optional":true,"computed":true},"disclaimer":{"type":"string","description_kind":"plain","optional":true,"computed":true},"dlp_sensor":{"type":"string","description_kind":"plain","optional":true,"computed":true},"dnsfilter_profile":{"type":"string","description_kind":"plain","optional":true,"computed":true},"dponly":{"type":"string","description_kind":"plain","optional":true,"computed":true},"dscp_match":{"type":"string","description_kind":"plain","optional":true,"computed":true},"dscp_negate":{"type":"string","description_kind":"plain","optional":true,"computed":true},"dscp_value":{"type":"string","description_kind":"plain","optional":true,"computed":true},"dsri":{"type":"string","description_kind":"plain","optional":true,"computed":true},"dstaddr":{"type":["list","string"],"description_kind":"plain","optional":true,"computed":true},"dstaddr6":{"type":["list","string"],"description_kind":"plain","optional":true,"computed":true},"dstaddr_negate":{"type":"string","description_kind":"plain","optional":true,"computed":true},"dstintf":{"type":["list","string"],"description_kind":"plain","optional":true,"computed":true},"dynamic_profile":{"type":"string","description_kind":"plain","optional":true,"computed":true},"dynamic_profile_access":{"type":["set","string"],"description_kind":"plain","optional":true,"computed":true},"dynamic_profile_fallthrough":{"type":"string","description_kind":"plain","optional":true,"computed":true},"dynamic_profile_group":{"type":"string","description_kind":"plain","optional":true,"computed":true},"dynamic_shaping":{"type":"string","description_kind":"plain","optional":true,"computed":true},"email_collect":{"type":"string","description_kind":"plain","optional":true,"computed":true},"email_collection_portal":{"type":"string","description_kind":"plain","optional":true,"computed":true},"emailfilter_profile":{"type":"string","description_kind":"plain","optional":true,"computed":true},"endpoint_check":{"type":"string","description_kind":"plain","optional":true,"computed":true},"endpoint_compliance":{"type":"string","description_kind":"plain","optional":true,"computed":true},"endpoint_keepalive_interface":{"type":"string","description_kind":"plain","optional":true,"computed":true},"endpoint_profile":{"type":"string","description_kind":"plain","optional":true,"computed":true},"failed_connection":{"type":"string","description_kind":"plain","optional":true,"computed":true},"fall_through_unauthenticated":{"type":"string","description_kind":"plain","optional":true,"computed":true},"file_filter_profile":{"type":"string","description_kind":"plain","optional":true,"computed":true},"firewall_session_dirty":{"type":"string","description_kind":"plain","optional":true,"computed":true},"fixedport":{"type":"string","description_kind":"plain","optional":true,"computed":true},"forticlient_compliance_devices":{"type":["set","string"],"description_kind":"plain","optional":true,"computed":true},"forticlient_compliance_enforcement_portal":{"type":"string","description_kind":"plain","optional":true,"computed":true},"fsae":{"type":"string","description_kind":"plain","optional":true,"computed":true},"fsae_server_for_ntlm":{"type":"string","description_kind":"plain","optional":true,"computed":true},"fsso":{"type":"string","description_kind":"plain","optional":true,"computed":true},"fsso_agent_for_ntlm":{"type":"string","description_kind":"plain","optional":true,"computed":true},"fsso_groups":{"type":["list","string"],"description_kind":"plain","optional":true,"computed":true},"geo_location":{"type":"string","description_kind":"plain","optional":true,"computed":true},"geoip_anycast":{"type":"string","description_kind":"plain","optional":true,"computed":true},"geoip_match":{"type":"string","description_kind":"plain","optional":true,"computed":true},"global_label":{"type":"string","description_kind":"plain","optional":true,"computed":true},"groups":{"type":["list","string"],"description_kind":"plain","optional":true,"computed":true},"gtp_profile":{"type":"string","description_kind":"plain","optional":true,"computed":true},"http_policy_redirect":{"type":"string","description_kind":"plain","optional":true,"computed":true},"icap_profile":{"type":"string","description_kind":"plain","optional":true,"computed":true},"id":{"type":"string","description_kind":"plain","optional":true,"computed":true},"identity_based":{"type":"string","description_kind":"plain","optional":true,"computed":true},"identity_based_route":{"type":"string","description_kind":"plain","optional":true,"computed":true},"identity_from":{"type":"string","description_kind":"plain","optional":true,"computed":true},"inbound":{"type":"string","description_kind":"plain","optional":true,"computed":true},"inspection_mode":{"type":"string","description_kind":"plain","optional":true,"computed":true},"internet_service":{"type":"string","description_kind":"plain","optional":true,"computed":true},"internet_service_custom":{"type":"string","description_kind":"plain","optional":true,"computed":true},"internet_service_custom_group":{"type":"string","description_kind":"plain","optional":true,"computed":true},"internet_service_group":{"type":"string","description_kind":"plain","optional":true,"computed":true},"internet_service_id":{"type":"string","description_kind":"plain","optional":true,"computed":true},"internet_service_name":{"type":"string","description_kind":"plain","optional":true,"computed":true},"internet_service_negate":{"type":"string","description_kind":"plain","optional":true,"computed":true},"internet_service_src":{"type":"string","description_kind":"plain","optional":true,"computed":true},"internet_service_src_custom":{"type":"string","description_kind":"plain","optional":true,"computed":true},"internet_service_src_custom_group":{"type":"string","description_kind":"plain","optional":true,"computed":true},"internet_service_src_group":{"type":"string","description_kind":"plain","optional":true,"computed":true},"internet_service_src_id":{"type":"string","description_kind":"plain","optional":true,"computed":true},"internet_service_src_name":{"type":"string","description_kind":"plain","optional":true,"computed":true},"internet_service_src_negate":{"type":"string","description_kind":"plain","optional":true,"computed":true},"ip_based":{"type":"string","description_kind":"plain","optional":true,"computed":true},"ippool":{"type":"string","description_kind":"plain","optional":true,"computed":true},"ips_sensor":{"type":"string","description_kind":"plain","optional":true,"computed":true},"label":{"type":"string","description_kind":"plain","optional":true,"computed":true},"learning_mode":{"type":"string","description_kind":"plain","optional":true,"computed":true},"log_unmatched_traffic":{"type":"string","description_kind":"plain","optional":true,"computed":true},"logtraffic":{"type":"string","description_kind":"plain","optional":true,"computed":true},"logtraffic_app":{"type":"string","description_kind":"plain","optional":true,"computed":true},"logtraffic_start":{"type":"string","description_kind":"plain","optional":true,"computed":true},"match_vip":{"type":"string","description_kind":"plain","optional":true,"computed":true},"match_vip_only":{"type":"string","description_kind":"plain","optional":true,"computed":true},"mms_profile":{"type":"string","description_kind":"plain","optional":true,"computed":true},"name":{"type":"string","description_kind":"plain","optional":true,"computed":true},"nat":{"type":"string","description_kind":"plain","optional":true,"computed":true},"natinbound":{"type":"string","description_kind":"plain","optional":true,"computed":true},"natip":{"type":["list","string"],"description_kind":"plain","optional":true,"computed":true},"natoutbound":{"type":"string","description_kind":"plain","optional":true,"computed":true},"np_acceleration":{"type":"string","description_kind":"plain","optional":true,"computed":true},"ntlm":{"type":"string","description_kind":"plain","optional":true,"computed":true},"ntlm_enabled_browsers":{"type":["set","string"],"description_kind":"plain","optional":true,"computed":true},"ntlm_guest":{"type":"string","description_kind":"plain","optional":true,"computed":true},"outbound":{"type":"string","description_kind":"plain","optional":true,"computed":true},"passive_wan_health_measurement":{"type":"string","description_kind":"plain","optional":true,"computed":true},"per_ip_shaper":{"type":"string","description_kind":"plain","optional":true,"computed":true},"permit_any_host":{"type":"string","description_kind":"plain","optional":true,"computed":true},"permit_stun_host":{"type":"string","description_kind":"plain","optional":true,"computed":true},"pkg":{"type":"string","description_kind":"plain","required":true},"policy_offload":{"type":"string","description_kind":"plain","optional":true,"computed":true},"policyid":{"type":"number","description_kind":"plain","optional":true,"computed":true},"poolname":{"type":"string","description_kind":"plain","optional":true,"computed":true},"poolname6":{"type":"string","description_kind":"plain","optional":true,"computed":true},"profile_group":{"type":"string","description_kind":"plain","optional":true,"computed":true},"profile_protocol_options":{"type":"string","description_kind":"plain","optional":true,"computed":true},"profile_type":{"type":"string","description_kind":"plain","optional":true,"computed":true},"radius_mac_auth_bypass":{"type":"string","description_kind":"plain","optional":true,"computed":true},"redirect_url":{"type":"string","description_kind":"plain","optional":true,"computed":true},"replacemsg_group":{"type":"string","description_kind":"plain","optional":true,"computed":true},"replacemsg_override_group":{"type":"string","description_kind":"plain","optional":true,"computed":true},"reputation_direction":{"type":"string","description_kind":"plain","optional":true,"computed":true},"reputation_minimum":{"type":"number","description_kind":"plain","optional":true,"computed":true},"require_tfa":{"type":"string","description_kind":"plain","optional":true,"computed":true},"rsso":{"type":"string","description_kind":"plain","optional":true,"computed":true},"rtp_addr":{"type":"string","description_kind":"plain","optional":true,"computed":true},"rtp_nat":{"type":"string","description_kind":"plain","optional":true,"computed":true},"scan_botnet_connections":{"type":"string","description_kind":"plain","optional":true,"computed":true},"schedule":{"type":"string","description_kind":"plain","optional":true,"computed":true},"schedule_timeout":{"type":"string","description_kind":"plain","optional":true,"computed":true},"send_deny_packet":{"type":"string","description_kind":"plain","optional":true,"computed":true},"service":{"type":["list","string"],"description_kind":"plain","optional":true,"computed":true},"service_negate":{"type":"string","description_kind":"plain","optional":true,"computed":true},"session_ttl":{"type":"string","description_kind":"plain","optional":true,"computed":true},"sessions":{"type":"string","description_kind":"plain","optional":true,"computed":true},"spamfilter_profile":{"type":"string","description_kind":"plain","optional":true,"computed":true},"src_vendor_mac":{"type":["list","string"],"description_kind":"plain","optional":true,"computed":true},"srcaddr":{"type":["list","string"],"description_kind":"plain","optional":true,"computed":true},"srcaddr6":{"type":["list","string"],"description_kind":"plain","optional":true,"computed":true},"srcaddr_negate":{"type":"string","description_kind":"plain","optional":true,"computed":true},"srcintf":{"type":["list","string"],"description_kind":"plain","optional":true,"computed":true},"ssh_filter_profile":{"type":"string","description_kind":"plain","optional":true,"computed":true},"ssh_policy_redirect":{"type":"string","description_kind":"plain","optional":true,"computed":true},"ssl_mirror":{"type":"string","description_kind":"plain","optional":true,"computed":true},"ssl_mirror_intf":{"type":"string","description_kind":"plain","optional":true,"computed":true},"ssl_ssh_profile":{"type":"string","description_kind":"plain","optional":true,"computed":true},"sslvpn_auth":{"type":"string","description_kind":"plain","optional":true,"computed":true},"sslvpn_ccert":{"type":"string","description_kind":"plain","optional":true,"computed":true},"sslvpn_cipher":{"type":"string","description_kind":"plain","optional":true,"computed":true},"sso_auth_method":{"type":"string","description_kind":"plain","optional":true,"computed":true},"status":{"type":"string","description_kind":"plain","optional":true,"computed":true},"tags":{"type":"string","description_kind":"plain","optional":true,"computed":true},"tcp_mss_receiver":{"type":"number","description_kind":"plain","optional":true,"computed":true},"tcp_mss_sender":{"type":"number","description_kind":"plain","optional":true,"computed":true},"tcp_reset":{"type":"string","description_kind":"plain","optional":true,"computed":true},"tcp_session_without_syn":{"type":"string","description_kind":"plain","optional":true,"computed":true},"timeout_send_rst":{"type":"string","description_kind":"plain","optional":true,"computed":true},"tos":{"type":"string","description_kind":"plain","optional":true,"computed":true},"tos_mask":{"type":"string","description_kind":"plain","optional":true,"computed":true},"tos_negate":{"type":"string","description_kind":"plain","optional":true,"computed":true},"traffic_shaper":{"type":"string","description_kind":"plain","optional":true,"computed":true},"traffic_shaper_reverse":{"type":"string","description_kind":"plain","optional":true,"computed":true},"transaction_based":{"type":"string","description_kind":"plain","optional":true,"computed":true},"url_category":{"type":"string","description_kind":"plain","optional":true,"computed":true},"users":{"type":["list","string"],"description_kind":"plain","optional":true,"computed":true},"utm_inspection_mode":{"type":"string","description_kind":"plain","optional":true,"computed":true},"utm_status":{"type":"string","description_kind":"plain","optional":true,"computed":true},"uuid":{"type":"string","description_kind":"plain","optional":true,"computed":true},"vendor_mac":{"type":"string","description_kind":"plain","optional":true,"computed":true},"videofilter_profile":{"type":"string","description_kind":"plain","optional":true,"computed":true},"vlan_cos_fwd":{"type":"number","description_kind":"plain","optional":true,"computed":true},"vlan_cos_rev":{"type":"number","description_kind":"plain","optional":true,"computed":true},"vlan_filter":{"type":"string","description_kind":"plain","optional":true,"computed":true},"voip_profile":{"type":"string","description_kind":"plain","optional":true,"computed":true},"vpntunnel":{"type":"string","description_kind":"plain","optional":true,"computed":true},"waf_profile":{"type":"string","description_kind":"plain","optional":true,"computed":true},"wanopt":{"type":"string","description_kind":"plain","optional":true,"computed":true},"wanopt_detection":{"type":"string","description_kind":"plain","optional":true,"computed":true},"wanopt_passive_opt":{"type":"string","description_kind":"plain","optional":true,"computed":true},"wanopt_peer":{"type":"string","description_kind":"plain","optional":true,"computed":true},"wanopt_profile":{"type":"string","description_kind":"plain","optional":true,"computed":true},"wccp":{"type":"string","description_kind":"plain","optional":true,"computed":true},"web_auth_cookie":{"type":"string","description_kind":"plain","optional":true,"computed":true},"webcache":{"type":"string","description_kind":"plain","optional":true,"computed":true},"webcache_https":{"type":"string","description_kind":"plain","optional":true,"computed":true},"webfilter_profile":{"type":"string","description_kind":"plain","optional":true,"computed":true},"webproxy_forward_server":{"type":"string","description_kind":"plain","optional":true,"computed":true},"webproxy_profile":{"type":"string","description_kind":"plain","optional":true,"computed":true},"wsso":{"type":"string","description_kind":"plain","optional":true,"computed":true},"ztna_ems_tag":{"type":["list","string"],"description_kind":"plain","optional":true,"computed":true},"ztna_geo_tag":{"type":["list","string"],"description_kind":"plain","optional":true,"computed":true},"ztna_status":{"type":"string","description_kind":"plain","optional":true,"computed":true}},"description_kind":"plain"}},"fortimanager_packages_global_header_policy6":{"version":0,"block":{"attributes":{"action":{"type":"string","description_kind":"plain","optional":true,"computed":true},"anti_replay":{"type":"string","description_kind":"plain","optional":true,"computed":true},"app_category":{"type":"string","description_kind":"plain","optional":true,"computed":true},"app_group":{"type":"string","description_kind":"plain","optional":true,"computed":true},"application":{"type":["set","number"],"description_kind":"plain","optional":true,"computed":true},"application_charts":{"type":["set","string"],"description_kind":"plain","optional":true,"computed":true},"application_list":{"type":"string","description_kind":"plain","optional":true,"computed":true},"auto_asic_offload":{"type":"string","description_kind":"plain","optional":true,"computed":true},"av_profile":{"type":"string","description_kind":"plain","optional":true,"computed":true},"casi_profile":{"type":"string","description_kind":"plain","optional":true,"computed":true},"cgn_log_server_grp":{"type":"string","description_kind":"plain","optional":true,"computed":true},"cifs_profile":{"type":"string","description_kind":"plain","optional":true,"computed":true},"comments":{"type":"string","description_kind":"plain","optional":true,"computed":true},"custom_log_fields":{"type":"string","description_kind":"plain","optional":true,"computed":true},"decrypted_traffic_mirror":{"type":"string","description_kind":"plain","optional":true,"computed":true},"deep_inspection_options":{"type":"string","description_kind":"plain","optional":true,"computed":true},"device_detection_portal":{"type":"string","description_kind":"plain","optional":true,"computed":true},"devices":{"type":"string","description_kind":"plain","optional":true,"computed":true},"diffserv_forward":{"type":"string","description_kind":"plain","optional":true,"computed":true},"diffserv_reverse":{"type":"string","description_kind":"plain","optional":true,"computed":true},"diffservcode_forward":{"type":"string","description_kind":"plain","optional":true,"computed":true},"diffservcode_rev":{"type":"string","description_kind":"plain","optional":true,"computed":true},"dlp_sensor":{"type":"string","description_kind":"plain","optional":true,"computed":true},"dnsfilter_profile":{"type":"string","description_kind":"plain","optional":true,"computed":true},"dscp_match":{"type":"string","description_kind":"plain","optional":true,"computed":true},"dscp_negate":{"type":"string","description_kind":"plain","optional":true,"computed":true},"dscp_value":{"type":"string","description_kind":"plain","optional":true,"computed":true},"dsri":{"type":"string","description_kind":"plain","optional":true,"computed":true},"dstaddr":{"type":"string","description_kind":"plain","optional":true,"computed":true},"dstaddr_negate":{"type":"string","description_kind":"plain","optional":true,"computed":true},"dstintf":{"type":"string","description_kind":"plain","optional":true,"computed":true},"dynamic_profile":{"type":"string","description_kind":"plain","optional":true,"computed":true},"dynamic_profile_access":{"type":["set","string"],"description_kind":"plain","optional":true,"computed":true},"dynamic_profile_group":{"type":"string","description_kind":"plain","optional":true,"computed":true},"email_collection_portal":{"type":"string","description_kind":"plain","optional":true,"computed":true},"emailfilter_profile":{"type":"string","description_kind":"plain","optional":true,"computed":true},"file_filter_profile":{"type":"string","description_kind":"plain","optional":true,"computed":true},"firewall_session_dirty":{"type":"string","description_kind":"plain","optional":true,"computed":true},"fixedport":{"type":"string","description_kind":"plain","optional":true,"computed":true},"fsae":{"type":"string","description_kind":"plain","optional":true,"computed":true},"fsso_groups":{"type":"string","description_kind":"plain","optional":true,"computed":true},"global_label":{"type":"string","description_kind":"plain","optional":true,"computed":true},"groups":{"type":"string","description_kind":"plain","optional":true,"computed":true},"http_policy_redirect":{"type":"string","description_kind":"plain","optional":true,"computed":true},"icap_profile":{"type":"string","description_kind":"plain","optional":true,"computed":true},"id":{"type":"string","description_kind":"plain","optional":true,"computed":true},"identity_based":{"type":"string","description_kind":"plain","optional":true,"computed":true},"identity_from":{"type":"string","description_kind":"plain","optional":true,"computed":true},"inbound":{"type":"string","description_kind":"plain","optional":true,"computed":true},"inspection_mode":{"type":"string","description_kind":"plain","optional":true,"computed":true},"ippool":{"type":"string","description_kind":"plain","optional":true,"computed":true},"ips_sensor":{"type":"string","description_kind":"plain","optional":true,"computed":true},"label":{"type":"string","description_kind":"plain","optional":true,"computed":true},"logtraffic":{"type":"string","description_kind":"plain","optional":true,"computed":true},"logtraffic_start":{"type":"string","description_kind":"plain","optional":true,"computed":true},"mms_profile":{"type":"string","description_kind":"plain","optional":true,"computed":true},"name":{"type":"string","description_kind":"plain","optional":true,"computed":true},"nat":{"type":"string","description_kind":"plain","optional":true,"computed":true},"natinbound":{"type":"string","description_kind":"plain","optional":true,"computed":true},"natoutbound":{"type":"string","description_kind":"plain","optional":true,"computed":true},"np_accelation":{"type":"string","description_kind":"plain","optional":true,"computed":true},"np_acceleration":{"type":"string","description_kind":"plain","optional":true,"computed":true},"outbound":{"type":"string","description_kind":"plain","optional":true,"computed":true},"per_ip_shaper":{"type":"string","description_kind":"plain","optional":true,"computed":true},"pkg":{"type":"string","description_kind":"plain","required":true},"policy_offload":{"type":"string","description_kind":"plain","optional":true,"computed":true},"policyid":{"type":"number","description_kind":"plain","optional":true,"computed":true},"poolname":{"type":"string","description_kind":"plain","optional":true,"computed":true},"profile_group":{"type":"string","description_kind":"plain","optional":true,"computed":true},"profile_protocol_options":{"type":"string","description_kind":"plain","optional":true,"computed":true},"profile_type":{"type":"string","description_kind":"plain","optional":true,"computed":true},"replacemsg_group":{"type":"string","description_kind":"plain","optional":true,"computed":true},"replacemsg_override_group":{"type":"string","description_kind":"plain","optional":true,"computed":true},"rsso":{"type":"string","description_kind":"plain","optional":true,"computed":true},"schedule":{"type":"string","description_kind":"plain","optional":true,"computed":true},"send_deny_packet":{"type":"string","description_kind":"plain","optional":true,"computed":true},"service":{"type":"string","description_kind":"plain","optional":true,"computed":true},"service_negate":{"type":"string","description_kind":"plain","optional":true,"computed":true},"session_ttl":{"type":"string","description_kind":"plain","optional":true,"computed":true},"spamfilter_profile":{"type":"string","description_kind":"plain","optional":true,"computed":true},"srcaddr":{"type":"string","description_kind":"plain","optional":true,"computed":true},"srcaddr_negate":{"type":"string","description_kind":"plain","optional":true,"computed":true},"srcintf":{"type":"string","description_kind":"plain","optional":true,"computed":true},"ssh_filter_profile":{"type":"string","description_kind":"plain","optional":true,"computed":true},"ssh_policy_redirect":{"type":"string","description_kind":"plain","optional":true,"computed":true},"ssl_mirror":{"type":"string","description_kind":"plain","optional":true,"computed":true},"ssl_mirror_intf":{"type":"string","description_kind":"plain","optional":true,"computed":true},"ssl_ssh_profile":{"type":"string","description_kind":"plain","optional":true,"computed":true},"sslvpn_auth":{"type":"string","description_kind":"plain","optional":true,"computed":true},"sslvpn_ccert":{"type":"string","description_kind":"plain","optional":true,"computed":true},"sslvpn_cipher":{"type":"string","description_kind":"plain","optional":true,"computed":true},"status":{"type":"string","description_kind":"plain","optional":true,"computed":true},"tags":{"type":"string","description_kind":"plain","optional":true,"computed":true},"tcp_mss_receiver":{"type":"number","description_kind":"plain","optional":true,"computed":true},"tcp_mss_sender":{"type":"number","description_kind":"plain","optional":true,"computed":true},"tcp_session_without_syn":{"type":"string","description_kind":"plain","optional":true,"computed":true},"timeout_send_rst":{"type":"string","description_kind":"plain","optional":true,"computed":true},"tos":{"type":"string","description_kind":"plain","optional":true,"computed":true},"tos_mask":{"type":"string","description_kind":"plain","optional":true,"computed":true},"tos_negate":{"type":"string","description_kind":"plain","optional":true,"computed":true},"traffic_shaper":{"type":"string","description_kind":"plain","optional":true,"computed":true},"traffic_shaper_reverse":{"type":"string","description_kind":"plain","optional":true,"computed":true},"url_category":{"type":"string","description_kind":"plain","optional":true,"computed":true},"users":{"type":"string","description_kind":"plain","optional":true,"computed":true},"utm_inspection_mode":{"type":"string","description_kind":"plain","optional":true,"computed":true},"utm_status":{"type":"string","description_kind":"plain","optional":true,"computed":true},"uuid":{"type":"string","description_kind":"plain","optional":true,"computed":true},"vlan_cos_fwd":{"type":"number","description_kind":"plain","optional":true,"computed":true},"vlan_cos_rev":{"type":"number","description_kind":"plain","optional":true,"computed":true},"vlan_filter":{"type":"string","description_kind":"plain","optional":true,"computed":true},"voip_profile":{"type":"string","description_kind":"plain","optional":true,"computed":true},"vpntunnel":{"type":"string","description_kind":"plain","optional":true,"computed":true},"waf_profile":{"type":"string","description_kind":"plain","optional":true,"computed":true},"webcache":{"type":"string","description_kind":"plain","optional":true,"computed":true},"webcache_https":{"type":"string","description_kind":"plain","optional":true,"computed":true},"webfilter_profile":{"type":"string","description_kind":"plain","optional":true,"computed":true},"webproxy_forward_server":{"type":"string","description_kind":"plain","optional":true,"computed":true},"webproxy_profile":{"type":"string","description_kind":"plain","optional":true,"computed":true}},"description_kind":"plain"}},"fortimanager_packages_global_header_shapingpolicy":{"version":0,"block":{"attributes":{"app_category":{"type":"string","description_kind":"plain","optional":true,"computed":true},"app_group":{"type":"string","description_kind":"plain","optional":true,"computed":true},"application":{"type":["set","number"],"description_kind":"plain","optional":true,"computed":true},"class_id":{"type":"string","description_kind":"plain","optional":true,"computed":true},"comment":{"type":"string","description_kind":"plain","optional":true,"computed":true},"diffserv_forward":{"type":"string","description_kind":"plain","optional":true,"computed":true},"diffserv_reverse":{"type":"string","description_kind":"plain","optional":true,"computed":true},"diffservcode_forward":{"type":"string","description_kind":"plain","optional":true,"computed":true},"diffservcode_rev":{"type":"string","description_kind":"plain","optional":true,"computed":true},"dstaddr":{"type":"string","description_kind":"plain","optional":true,"computed":true},"dstaddr6":{"type":"string","description_kind":"plain","optional":true,"computed":true},"dstintf":{"type":"string","description_kind":"plain","optional":true,"computed":true},"fosid":{"type":"number","description_kind":"plain","optional":true,"computed":true},"groups":{"type":"string","description_kind":"plain","optional":true,"computed":true},"id":{"type":"string","description_kind":"plain","optional":true,"computed":true},"internet_service":{"type":"string","description_kind":"plain","optional":true,"computed":true},"internet_service_custom":{"type":"string","description_kind":"plain","optional":true,"computed":true},"internet_service_custom_group":{"type":"string","description_kind":"plain","optional":true,"computed":true},"internet_service_group":{"type":"string","description_kind":"plain","optional":true,"computed":true},"internet_service_id":{"type":"string","description_kind":"plain","optional":true,"computed":true},"internet_service_name":{"type":"string","description_kind":"plain","optional":true,"computed":true},"internet_service_src":{"type":"string","description_kind":"plain","optional":true,"computed":true},"internet_service_src_custom":{"type":"string","description_kind":"plain","optional":true,"computed":true},"internet_service_src_custom_group":{"type":"string","description_kind":"plain","optional":true,"computed":true},"internet_service_src_group":{"type":"string","description_kind":"plain","optional":true,"computed":true},"internet_service_src_id":{"type":"string","description_kind":"plain","optional":true,"computed":true},"internet_service_src_name":{"type":"string","description_kind":"plain","optional":true,"computed":true},"ip_version":{"type":"string","description_kind":"plain","optional":true,"computed":true},"name":{"type":"string","description_kind":"plain","optional":true,"computed":true},"per_ip_shaper":{"type":"string","description_kind":"plain","optional":true,"computed":true},"pkg":{"type":"string","description_kind":"plain","required":true},"schedule":{"type":"string","description_kind":"plain","optional":true,"computed":true},"service":{"type":"string","description_kind":"plain","optional":true,"computed":true},"srcaddr":{"type":"string","description_kind":"plain","optional":true,"computed":true},"srcaddr6":{"type":"string","description_kind":"plain","optional":true,"computed":true},"srcintf":{"type":"string","description_kind":"plain","optional":true,"computed":true},"status":{"type":"string","description_kind":"plain","optional":true,"computed":true},"tos":{"type":"string","description_kind":"plain","optional":true,"computed":true},"tos_mask":{"type":"string","description_kind":"plain","optional":true,"computed":true},"tos_negate":{"type":"string","description_kind":"plain","optional":true,"computed":true},"traffic_shaper":{"type":"string","description_kind":"plain","optional":true,"computed":true},"traffic_shaper_reverse":{"type":"string","description_kind":"plain","optional":true,"computed":true},"url_category":{"type":"string","description_kind":"plain","optional":true,"computed":true},"users":{"type":"string","description_kind":"plain","optional":true,"computed":true},"uuid":{"type":"string","description_kind":"plain","optional":true,"computed":true}},"description_kind":"plain"}},"fortimanager_packages_pkg":{"version":0,"block":{"attributes":{"adom":{"type":"string","description_kind":"plain","optional":true},"dynamic_sort_subtable":{"type":"string","description_kind":"plain","optional":true},"id":{"type":"string","description_kind":"plain","optional":true,"computed":true},"name":{"type":"string","description_kind":"plain","optional":true,"computed":true},"objver":{"type":"number","description_kind":"plain","optional":true,"computed":true},"oid":{"type":"number","description_kind":"plain","optional":true,"computed":true},"scopetype":{"type":"string","description_kind":"plain","optional":true},"type":{"type":"string","description_kind":"plain","optional":true,"computed":true}},"block_types":{"packagesetting":{"nesting_mode":"list","block":{"attributes":{"central_nat":{"type":"string","description_kind":"plain","optional":true,"computed":true},"consolidated_firewall_mode":{"type":"string","description_kind":"plain","optional":true,"computed":true},"fwpolicy6_implicit_log":{"type":"string","description_kind":"plain","optional":true,"computed":true},"fwpolicy_implicit_log":{"type":"string","description_kind":"plain","optional":true,"computed":true},"inspection_mode":{"type":"string","description_kind":"plain","optional":true,"computed":true},"ngfw_mode":{"type":"string","description_kind":"plain","optional":true,"computed":true},"ssl_ssh_profile":{"type":"string","description_kind":"plain","optional":true,"computed":true}},"description_kind":"plain"},"max_items":1},"scopemember":{"nesting_mode":"list","block":{"attributes":{"name":{"type":"string","description_kind":"plain","optional":true,"computed":true},"vdom":{"type":"string","description_kind":"plain","optional":true,"computed":true}},"description_kind":"plain"}},"subobj":{"nesting_mode":"list","block":{"attributes":{"name":{"type":"string","description_kind":"plain","optional":true,"computed":true}},"description_kind":"plain"}}},"description_kind":"plain"}},"fortimanager_securityconsole_abort":{"version":0,"block":{"attributes":{"fmgadom":{"type":"string","description_kind":"plain","optional":true,"computed":true},"force_recreate":{"type":"string","description_kind":"plain","optional":true,"computed":true},"id":{"type":"string","description_kind":"plain","optional":true,"computed":true}},"description_kind":"plain"}},"fortimanager_securityconsole_install_device":{"version":0,"block":{"attributes":{"dev_rev_comments":{"type":"string","description_kind":"plain","optional":true,"computed":true},"dynamic_sort_subtable":{"type":"string","description_kind":"plain","optional":true},"flags":{"type":["set","string"],"description_kind":"plain","optional":true,"computed":true},"fmgadom":{"type":"string","description_kind":"plain","optional":true,"computed":true},"force_recreate":{"type":"string","description_kind":"plain","optional":true,"computed":true},"id":{"type":"string","description_kind":"plain","optional":true,"computed":true}},"block_types":{"scope":{"nesting_mode":"list","block":{"attributes":{"name":{"type":"string","description_kind":"plain","optional":true,"computed":true},"vdom":{"type":"string","description_kind":"plain","optional":true,"computed":true}},"description_kind":"plain"}}},"description_kind":"plain"}},"fortimanager_securityconsole_install_package":{"version":0,"block":{"attributes":{"adom_rev_comments":{"type":"string","description_kind":"plain","optional":true,"computed":true},"adom_rev_name":{"type":"string","description_kind":"plain","optional":true,"computed":true},"dev_rev_comments":{"type":"string","description_kind":"plain","optional":true,"computed":true},"dynamic_sort_subtable":{"type":"string","description_kind":"plain","optional":true},"flags":{"type":["set","string"],"description_kind":"plain","optional":true,"computed":true},"fmgadom":{"type":"string","description_kind":"plain","optional":true,"computed":true},"force_recreate":{"type":"string","description_kind":"plain","optional":true,"computed":true},"id":{"type":"string","description_kind":"plain","optional":true,"computed":true},"pkg":{"type":"string","description_kind":"plain","optional":true,"computed":true}},"block_types":{"scope":{"nesting_mode":"list","block":{"attributes":{"name":{"type":"string","description_kind":"plain","optional":true,"computed":true},"vdom":{"type":"string","description_kind":"plain","optional":true,"computed":true}},"description_kind":"plain"}}},"description_kind":"plain"}},"fortimanager_securityconsole_install_preview":{"version":0,"block":{"attributes":{"device":{"type":"string","description_kind":"plain","optional":true,"computed":true},"flags":{"type":["set","string"],"description_kind":"plain","optional":true,"computed":true},"fmgadom":{"type":"string","description_kind":"plain","optional":true,"computed":true},"force_recreate":{"type":"string","description_kind":"plain","optional":true,"computed":true},"id":{"type":"string","description_kind":"plain","optional":true,"computed":true},"vdoms":{"type":["set","string"],"description_kind":"plain","optional":true,"computed":true}},"description_kind":"plain"}},"fortimanager_securityconsole_package_cancel_install":{"version":0,"block":{"attributes":{"fmgadom":{"type":"string","description_kind":"plain","optional":true,"computed":true},"force_recreate":{"type":"string","description_kind":"plain","optional":true,"computed":true},"id":{"type":"string","description_kind":"plain","optional":true,"computed":true}},"description_kind":"plain"}},"fortimanager_securityconsole_package_clone":{"version":0,"block":{"attributes":{"dst_name":{"type":"string","description_kind":"plain","optional":true,"computed":true},"dst_parent":{"type":"string","description_kind":"plain","optional":true,"computed":true},"dynamic_sort_subtable":{"type":"string","description_kind":"plain","optional":true},"fmgadom":{"type":"string","description_kind":"plain","optional":true,"computed":true},"force_recreate":{"type":"string","description_kind":"plain","optional":true,"computed":true},"id":{"type":"string","description_kind":"plain","optional":true,"computed":true},"pkg":{"type":"string","description_kind":"plain","optional":true,"computed":true}},"block_types":{"scope":{"nesting_mode":"list","block":{"attributes":{"name":{"type":"string","description_kind":"plain","optional":true,"computed":true},"vdom":{"type":"string","description_kind":"plain","optional":true,"computed":true}},"description_kind":"plain"}}},"description_kind":"plain"}},"fortimanager_securityconsole_package_commit":{"version":0,"block":{"attributes":{"dynamic_sort_subtable":{"type":"string","description_kind":"plain","optional":true},"fmgadom":{"type":"string","description_kind":"plain","optional":true,"computed":true},"force_recreate":{"type":"string","description_kind":"plain","optional":true,"computed":true},"id":{"type":"string","description_kind":"plain","optional":true,"computed":true}},"block_types":{"scope":{"nesting_mode":"list","block":{"attributes":{"name":{"type":"string","description_kind":"plain","optional":true,"computed":true},"vdom":{"type":"string","description_kind":"plain","optional":true,"computed":true}},"description_kind":"plain"}}},"description_kind":"plain"}},"fortimanager_securityconsole_package_move":{"version":0,"block":{"attributes":{"dst_name":{"type":"string","description_kind":"plain","optional":true,"computed":true},"dst_parent":{"type":"string","description_kind":"plain","optional":true,"computed":true},"fmgadom":{"type":"string","description_kind":"plain","optional":true,"computed":true},"force_recreate":{"type":"string","description_kind":"plain","optional":true,"computed":true},"id":{"type":"string","description_kind":"plain","optional":true,"computed":true},"pkg":{"type":"string","description_kind":"plain","optional":true,"computed":true}},"description_kind":"plain"}},"fortimanager_securityconsole_pblock_clone":{"version":0,"block":{"attributes":{"dst_name":{"type":"string","description_kind":"plain","optional":true,"computed":true},"fmgadom":{"type":"string","description_kind":"plain","optional":true,"computed":true},"force_recreate":{"type":"string","description_kind":"plain","optional":true,"computed":true},"id":{"type":"string","description_kind":"plain","optional":true,"computed":true},"pblock":{"type":"string","description_kind":"plain","optional":true,"computed":true}},"description_kind":"plain"}},"fortimanager_securityconsole_reinstall_package":{"version":0,"block":{"attributes":{"dynamic_sort_subtable":{"type":"string","description_kind":"plain","optional":true},"flags":{"type":["set","string"],"description_kind":"plain","optional":true,"computed":true},"fmgadom":{"type":"string","description_kind":"plain","optional":true,"computed":true},"force_recreate":{"type":"string","description_kind":"plain","optional":true,"computed":true},"id":{"type":"string","description_kind":"plain","optional":true,"computed":true}},"block_types":{"target":{"nesting_mode":"list","block":{"attributes":{"pkg":{"type":"string","description_kind":"plain","optional":true,"computed":true}},"block_types":{"scope":{"nesting_mode":"list","block":{"attributes":{"name":{"type":"string","description_kind":"plain","optional":true,"computed":true},"vdom":{"type":"string","description_kind":"plain","optional":true,"computed":true}},"description_kind":"plain"}}},"description_kind":"plain"}}},"description_kind":"plain"}},"fortimanager_securityconsole_sign_certificate_template":{"version":0,"block":{"attributes":{"dynamic_sort_subtable":{"type":"string","description_kind":"plain","optional":true},"fmgadom":{"type":"string","description_kind":"plain","optional":true,"computed":true},"force_recreate":{"type":"string","description_kind":"plain","optional":true,"computed":true},"id":{"type":"string","description_kind":"plain","optional":true,"computed":true},"template":{"type":"string","description_kind":"plain","optional":true,"computed":true}},"block_types":{"scope":{"nesting_mode":"list","block":{"attributes":{"name":{"type":"string","description_kind":"plain","optional":true,"computed":true},"vdom":{"type":"string","description_kind":"plain","optional":true,"computed":true}},"description_kind":"plain"}}},"description_kind":"plain"}},"fortimanager_system_admin_group":{"version":0,"block":{"attributes":{"dynamic_sort_subtable":{"type":"string","description_kind":"plain","optional":true},"id":{"type":"string","description_kind":"plain","optional":true,"computed":true},"name":{"type":"string","description_kind":"plain","optional":true,"computed":true}},"block_types":{"member":{"nesting_mode":"list","block":{"attributes":{"name":{"type":"string","description_kind":"plain","optional":true,"computed":true}},"description_kind":"plain"}}},"description_kind":"plain"}},"fortimanager_system_admin_ldap":{"version":0,"block":{"attributes":{"adom_attr":{"type":"string","description_kind":"plain","optional":true,"computed":true},"attributes":{"type":"string","description_kind":"plain","optional":true,"computed":true},"ca_cert":{"type":"string","description_kind":"plain","optional":true,"computed":true},"cnid":{"type":"string","description_kind":"plain","optional":true,"computed":true},"connect_timeout":{"type":"number","description_kind":"plain","optional":true,"computed":true},"dn":{"type":"string","description_kind":"plain","optional":true,"computed":true},"dynamic_sort_subtable":{"type":"string","description_kind":"plain","optional":true},"filter":{"type":"string","description_kind":"plain","optional":true,"computed":true},"group":{"type":"string","description_kind":"plain","optional":true,"computed":true},"id":{"type":"string","description_kind":"plain","optional":true,"computed":true},"memberof_attr":{"type":"string","description_kind":"plain","optional":true,"computed":true},"name":{"type":"string","description_kind":"plain","optional":true,"computed":true},"password":{"type":["set","string"],"description_kind":"plain","optional":true,"computed":true,"sensitive":true},"port":{"type":"number","description_kind":"plain","optional":true,"computed":true},"profile_attr":{"type":"string","description_kind":"plain","optional":true,"computed":true},"secondary_server":{"type":"string","description_kind":"plain","optional":true,"computed":true},"secure":{"type":"string","description_kind":"plain","optional":true,"computed":true},"server":{"type":"string","description_kind":"plain","optional":true,"computed":true},"tertiary_server":{"type":"string","description_kind":"plain","optional":true,"computed":true},"type":{"type":"string","description_kind":"plain","optional":true,"computed":true},"username":{"type":"string","description_kind":"plain","optional":true,"computed":true}},"block_types":{"adom":{"nesting_mode":"list","block":{"attributes":{"adom_name":{"type":"string","description_kind":"plain","optional":true,"computed":true}},"description_kind":"plain"}}},"description_kind":"plain"}},"fortimanager_system_admin_profile":{"version":0,"block":{"attributes":{"adom_lock":{"type":"string","description_kind":"plain","optional":true,"computed":true},"adom_policy_packages":{"type":"string","description_kind":"plain","optional":true,"computed":true},"adom_switch":{"type":"string","description_kind":"plain","optional":true,"computed":true},"allow_to_install":{"type":"string","description_kind":"plain","optional":true,"computed":true},"app_filter":{"type":"string","description_kind":"plain","optional":true,"computed":true},"assignment":{"type":"string","description_kind":"plain","optional":true,"computed":true},"change_password":{"type":"string","description_kind":"plain","optional":true,"computed":true},"config_retrieve":{"type":"string","description_kind":"plain","optional":true,"computed":true},"config_revert":{"type":"string","description_kind":"plain","optional":true,"computed":true},"consistency_check":{"type":"string","description_kind":"plain","optional":true,"computed":true},"datamask":{"type":"string","description_kind":"plain","optional":true,"computed":true},"datamask_custom_priority":{"type":"string","description_kind":"plain","optional":true,"computed":true},"datamask_fields":{"type":["set","string"],"description_kind":"plain","optional":true,"computed":true},"datamask_key":{"type":["set","string"],"description_kind":"plain","optional":true,"computed":true},"datamask_unmasked_time":{"type":"number","description_kind":"plain","optional":true,"computed":true},"deploy_management":{"type":"string","description_kind":"plain","optional":true,"computed":true},"description":{"type":"string","description_kind":"plain","optional":true,"computed":true},"device_ap":{"type":"string","description_kind":"plain","optional":true,"computed":true},"device_config":{"type":"string","description_kind":"plain","optional":true,"computed":true},"device_forticlient":{"type":"string","description_kind":"plain","optional":true,"computed":true},"device_fortiswitch":{"type":"string","description_kind":"plain","optional":true,"computed":true},"device_manager":{"type":"string","description_kind":"plain","optional":true,"computed":true},"device_op":{"type":"string","description_kind":"plain","optional":true,"computed":true},"device_policy_package_lock":{"type":"string","description_kind":"plain","optional":true,"computed":true},"device_profile":{"type":"string","description_kind":"plain","optional":true,"computed":true},"device_revision_deletion":{"type":"string","description_kind":"plain","optional":true,"computed":true},"device_wan_link_load_balance":{"type":"string","description_kind":"plain","optional":true,"computed":true},"dynamic_sort_subtable":{"type":"string","description_kind":"plain","optional":true},"event_management":{"type":"string","description_kind":"plain","optional":true,"computed":true},"extension_access":{"type":"string","description_kind":"plain","optional":true,"computed":true},"fabric_viewer":{"type":"string","description_kind":"plain","optional":true,"computed":true},"fgd_center":{"type":"string","description_kind":"plain","optional":true,"computed":true},"fgd_center_advanced":{"type":"string","description_kind":"plain","optional":true,"computed":true},"fgd_center_fmw_mgmt":{"type":"string","description_kind":"plain","optional":true,"computed":true},"fgd_center_licensing":{"type":"string","description_kind":"plain","optional":true,"computed":true},"global_policy_packages":{"type":"string","description_kind":"plain","optional":true,"computed":true},"id":{"type":"string","description_kind":"plain","optional":true,"computed":true},"import_policy_packages":{"type":"string","description_kind":"plain","optional":true,"computed":true},"intf_mapping":{"type":"string","description_kind":"plain","optional":true,"computed":true},"ips_filter":{"type":"string","description_kind":"plain","optional":true,"computed":true},"log_viewer":{"type":"string","description_kind":"plain","optional":true,"computed":true},"policy_objects":{"type":"string","description_kind":"plain","optional":true,"computed":true},"profileid":{"type":"string","description_kind":"plain","optional":true,"computed":true},"read_passwd":{"type":"string","description_kind":"plain","optional":true,"computed":true},"realtime_monitor":{"type":"string","description_kind":"plain","optional":true,"computed":true},"report_viewer":{"type":"string","description_kind":"plain","optional":true,"computed":true},"run_report":{"type":"string","description_kind":"plain","optional":true,"computed":true},"scope":{"type":"string","description_kind":"plain","optional":true,"computed":true},"script_access":{"type":"string","description_kind":"plain","optional":true,"computed":true},"set_install_targets":{"type":"string","description_kind":"plain","optional":true,"computed":true},"super_user_profile":{"type":"string","description_kind":"plain","optional":true,"computed":true},"system_setting":{"type":"string","description_kind":"plain","optional":true,"computed":true},"term_access":{"type":"string","description_kind":"plain","optional":true,"computed":true},"triage_events":{"type":"string","description_kind":"plain","optional":true,"computed":true},"type":{"type":"string","description_kind":"plain","optional":true,"computed":true},"update_incidents":{"type":"string","description_kind":"plain","optional":true,"computed":true},"vpn_manager":{"type":"string","description_kind":"plain","optional":true,"computed":true},"web_filter":{"type":"string","description_kind":"plain","optional":true,"computed":true}},"block_types":{"datamask_custom_fields":{"nesting_mode":"list","block":{"attributes":{"field_category":{"type":["set","string"],"description_kind":"plain","optional":true,"computed":true},"field_name":{"type":"string","description_kind":"plain","optional":true,"computed":true},"field_status":{"type":"string","description_kind":"plain","optional":true,"computed":true},"field_type":{"type":"string","description_kind":"plain","optional":true,"computed":true}},"description_kind":"plain"}}},"description_kind":"plain"}},"fortimanager_system_admin_radius":{"version":0,"block":{"attributes":{"auth_type":{"type":"string","description_kind":"plain","optional":true,"computed":true},"id":{"type":"string","description_kind":"plain","optional":true,"computed":true},"name":{"type":"string","description_kind":"plain","optional":true,"computed":true},"nas_ip":{"type":"string","description_kind":"plain","optional":true,"computed":true},"port":{"type":"number","description_kind":"plain","optional":true,"computed":true},"secondary_secret":{"type":["set","string"],"description_kind":"plain","optional":true,"computed":true},"secondary_server":{"type":"string","description_kind":"plain","optional":true,"computed":true},"secret":{"type":["set","string"],"description_kind":"plain","optional":true,"computed":true},"server":{"type":"string","description_kind":"plain","optional":true,"computed":true}},"description_kind":"plain"}},"fortimanager_system_admin_setting":{"version":0,"block":{"attributes":{"access_banner":{"type":"string","description_kind":"plain","optional":true,"computed":true},"admin_https_redirect":{"type":"string","description_kind":"plain","optional":true,"computed":true},"admin_login_max":{"type":"number","description_kind":"plain","optional":true,"computed":true},"admin_server_cert":{"type":"string","description_kind":"plain","optional":true,"computed":true},"allow_register":{"type":"string","description_kind":"plain","optional":true,"computed":true},"auth_addr":{"type":"string","description_kind":"plain","optional":true,"computed":true},"auth_port":{"type":"number","description_kind":"plain","optional":true,"computed":true},"auto_update":{"type":"string","description_kind":"plain","optional":true,"computed":true},"banner_message":{"type":"string","description_kind":"plain","optional":true,"computed":true},"chassis_mgmt":{"type":"string","description_kind":"plain","optional":true,"computed":true},"chassis_update_interval":{"type":"number","description_kind":"plain","optional":true,"computed":true},"device_sync_status":{"type":"string","description_kind":"plain","optional":true,"computed":true},"gui_theme":{"type":"string","description_kind":"plain","optional":true,"computed":true},"http_port":{"type":"number","description_kind":"plain","optional":true,"computed":true},"https_port":{"type":"number","description_kind":"plain","optional":true,"computed":true},"id":{"type":"string","description_kind":"plain","optional":true,"computed":true},"idle_timeout":{"type":"number","description_kind":"plain","optional":true,"computed":true},"idle_timeout_api":{"type":"number","description_kind":"plain","optional":true,"computed":true},"idle_timeout_gui":{"type":"number","description_kind":"plain","optional":true,"computed":true},"install_ifpolicy_only":{"type":"string","description_kind":"plain","optional":true,"computed":true},"mgmt_addr":{"type":"string","description_kind":"plain","optional":true,"computed":true},"mgmt_fqdn":{"type":"string","description_kind":"plain","optional":true,"computed":true},"objects_force_deletion":{"type":"string","description_kind":"plain","optional":true,"computed":true},"offline_mode":{"type":"string","description_kind":"plain","optional":true,"computed":true},"register_passwd":{"type":["set","string"],"description_kind":"plain","optional":true,"computed":true},"sdwan_monitor_history":{"type":"string","description_kind":"plain","optional":true,"computed":true},"sdwan_skip_unmapped_input_device":{"type":"string","description_kind":"plain","optional":true,"computed":true},"shell_access":{"type":"string","description_kind":"plain","optional":true,"computed":true},"shell_password":{"type":["set","string"],"description_kind":"plain","optional":true,"computed":true},"show_add_multiple":{"type":"string","description_kind":"plain","optional":true,"computed":true},"show_adom_devman":{"type":"string","description_kind":"plain","optional":true,"computed":true},"show_automatic_script":{"type":"string","description_kind":"plain","optional":true,"computed":true},"show_checkbox_in_table":{"type":"string","description_kind":"plain","optional":true,"computed":true},"show_device_import_export":{"type":"string","description_kind":"plain","optional":true,"computed":true},"show_fct_manager":{"type":"string","description_kind":"plain","optional":true,"computed":true},"show_grouping_script":{"type":"string","description_kind":"plain","optional":true,"computed":true},"show_hostname":{"type":"string","description_kind":"plain","optional":true,"computed":true},"show_schedule_script":{"type":"string","description_kind":"plain","optional":true,"computed":true},"show_tcl_script":{"type":"string","description_kind":"plain","optional":true,"computed":true},"unreg_dev_opt":{"type":"string","description_kind":"plain","optional":true,"computed":true},"webadmin_language":{"type":"string","description_kind":"plain","optional":true,"computed":true}},"description_kind":"plain"}},"fortimanager_system_admin_tacacs":{"version":0,"block":{"attributes":{"authen_type":{"type":"string","description_kind":"plain","optional":true,"computed":true},"authorization":{"type":"string","description_kind":"plain","optional":true,"computed":true},"id":{"type":"string","description_kind":"plain","optional":true,"computed":true},"key":{"type":["set","string"],"description_kind":"plain","optional":true,"computed":true,"sensitive":true},"name":{"type":"string","description_kind":"plain","optional":true,"computed":true},"port":{"type":"number","description_kind":"plain","optional":true,"computed":true},"secondary_key":{"type":["set","string"],"description_kind":"plain","optional":true,"computed":true,"sensitive":true},"secondary_server":{"type":"string","description_kind":"plain","optional":true,"computed":true},"server":{"type":"string","description_kind":"plain","optional":true,"computed":true},"tertiary_key":{"type":["set","string"],"description_kind":"plain","optional":true,"computed":true,"sensitive":true},"tertiary_server":{"type":"string","description_kind":"plain","optional":true,"computed":true}},"description_kind":"plain"}},"fortimanager_system_admin_user":{"version":0,"block":{"attributes":{"avatar":{"type":"string","description_kind":"plain","optional":true,"computed":true},"ca":{"type":"string","description_kind":"plain","optional":true,"computed":true},"change_password":{"type":"string","description_kind":"plain","optional":true,"computed":true},"description":{"type":"string","description_kind":"plain","optional":true,"computed":true},"dev_group":{"type":"string","description_kind":"plain","optional":true,"computed":true},"dynamic_sort_subtable":{"type":"string","description_kind":"plain","optional":true},"email_address":{"type":"string","description_kind":"plain","optional":true,"computed":true},"ext_auth_accprofile_override":{"type":"string","description_kind":"plain","optional":true,"computed":true},"ext_auth_adom_override":{"type":"string","description_kind":"plain","optional":true,"computed":true},"ext_auth_group_match":{"type":"string","description_kind":"plain","optional":true,"computed":true},"first_name":{"type":"string","description_kind":"plain","optional":true,"computed":true},"force_password_change":{"type":"string","description_kind":"plain","optional":true,"computed":true},"group":{"type":"string","description_kind":"plain","optional":true,"computed":true},"hidden":{"type":"number","description_kind":"plain","optional":true,"computed":true},"id":{"type":"string","description_kind":"plain","optional":true,"computed":true},"ipv6_trusthost1":{"type":"string","description_kind":"plain","optional":true,"computed":true},"ipv6_trusthost10":{"type":"string","description_kind":"plain","optional":true,"computed":true},"ipv6_trusthost2":{"type":"string","description_kind":"plain","optional":true,"computed":true},"ipv6_trusthost3":{"type":"string","description_kind":"plain","optional":true,"computed":true},"ipv6_trusthost4":{"type":"string","description_kind":"plain","optional":true,"computed":true},"ipv6_trusthost5":{"type":"string","description_kind":"plain","optional":true,"computed":true},"ipv6_trusthost6":{"type":"string","description_kind":"plain","optional":true,"computed":true},"ipv6_trusthost7":{"type":"string","description_kind":"plain","optional":true,"computed":true},"ipv6_trusthost8":{"type":"string","description_kind":"plain","optional":true,"computed":true},"ipv6_trusthost9":{"type":"string","description_kind":"plain","optional":true,"computed":true},"last_name":{"type":"string","description_kind":"plain","optional":true,"computed":true},"ldap_server":{"type":"string","description_kind":"plain","optional":true,"computed":true},"login_max":{"type":"number","description_kind":"plain","optional":true,"computed":true},"mobile_number":{"type":"string","description_kind":"plain","optional":true,"computed":true},"pager_number":{"type":"string","description_kind":"plain","optional":true,"computed":true},"password":{"type":["set","string"],"description_kind":"plain","optional":true,"computed":true,"sensitive":true},"password_expire":{"type":"string","description_kind":"plain","optional":true,"computed":true},"phone_number":{"type":"string","description_kind":"plain","optional":true,"computed":true},"profileid":{"type":"string","description_kind":"plain","optional":true,"computed":true},"radius_server":{"type":"string","description_kind":"plain","optional":true,"computed":true},"rpc_permit":{"type":"string","description_kind":"plain","optional":true,"computed":true},"ssh_public_key1":{"type":["set","string"],"description_kind":"plain","optional":true,"computed":true},"ssh_public_key2":{"type":["set","string"],"description_kind":"plain","optional":true,"computed":true},"ssh_public_key3":{"type":["set","string"],"description_kind":"plain","optional":true,"computed":true},"subject":{"type":"string","description_kind":"plain","optional":true,"computed":true},"tacacs_plus_server":{"type":"string","description_kind":"plain","optional":true,"computed":true},"trusthost1":{"type":["list","string"],"description_kind":"plain","optional":true,"computed":true},"trusthost10":{"type":["list","string"],"description_kind":"plain","optional":true,"computed":true},"trusthost2":{"type":["list","string"],"description_kind":"plain","optional":true,"computed":true},"trusthost3":{"type":["list","string"],"description_kind":"plain","optional":true,"computed":true},"trusthost4":{"type":["list","string"],"description_kind":"plain","optional":true,"computed":true},"trusthost5":{"type":["list","string"],"description_kind":"plain","optional":true,"computed":true},"trusthost6":{"type":["list","string"],"description_kind":"plain","optional":true,"computed":true},"trusthost7":{"type":["list","string"],"description_kind":"plain","optional":true,"computed":true},"trusthost8":{"type":["list","string"],"description_kind":"plain","optional":true,"computed":true},"trusthost9":{"type":["list","string"],"description_kind":"plain","optional":true,"computed":true},"two_factor_auth":{"type":"string","description_kind":"plain","optional":true,"computed":true},"use_global_theme":{"type":"string","description_kind":"plain","optional":true,"computed":true},"user_theme":{"type":"string","description_kind":"plain","optional":true,"computed":true},"user_type":{"type":"string","description_kind":"plain","optional":true,"computed":true},"userid":{"type":"string","description_kind":"plain","optional":true,"computed":true},"wildcard":{"type":"string","description_kind":"plain","optional":true,"computed":true}},"block_types":{"adom":{"nesting_mode":"list","block":{"attributes":{"adom_name":{"type":"string","description_kind":"plain","optional":true,"computed":true}},"description_kind":"plain"}},"adom_exclude":{"nesting_mode":"list","block":{"attributes":{"adom_name":{"type":"string","description_kind":"plain","optional":true,"computed":true}},"description_kind":"plain"}},"app_filter":{"nesting_mode":"list","block":{"attributes":{"app_filter_name":{"type":"string","description_kind":"plain","optional":true,"computed":true}},"description_kind":"plain"}},"dashboard":{"nesting_mode":"list","block":{"attributes":{"column":{"type":"number","description_kind":"plain","optional":true,"computed":true},"diskio_content_type":{"type":"string","description_kind":"plain","optional":true,"computed":true},"diskio_period":{"type":"string","description_kind":"plain","optional":true,"computed":true},"log_rate_period":{"type":"string","description_kind":"plain","optional":true,"computed":true},"log_rate_topn":{"type":"string","description_kind":"plain","optional":true,"computed":true},"log_rate_type":{"type":"string","description_kind":"plain","optional":true,"computed":true},"moduleid":{"type":"number","description_kind":"plain","optional":true,"computed":true},"name":{"type":"string","description_kind":"plain","optional":true,"computed":true},"num_entries":{"type":"number","description_kind":"plain","optional":true,"computed":true},"refresh_interval":{"type":"number","description_kind":"plain","optional":true,"computed":true},"res_cpu_display":{"type":"string","description_kind":"plain","optional":true,"computed":true},"res_period":{"type":"string","description_kind":"plain","optional":true,"computed":true},"res_view_type":{"type":"string","description_kind":"plain","optional":true,"computed":true},"status":{"type":"string","description_kind":"plain","optional":true,"computed":true},"tabid":{"type":"number","description_kind":"plain","optional":true,"computed":true},"time_period":{"type":"string","description_kind":"plain","optional":true,"computed":true},"widget_type":{"type":"string","description_kind":"plain","optional":true,"computed":true}},"description_kind":"plain"}},"dashboard_tabs":{"nesting_mode":"list","block":{"attributes":{"name":{"type":"string","description_kind":"plain","optional":true,"computed":true},"tabid":{"type":"number","description_kind":"plain","optional":true,"computed":true}},"description_kind":"plain"}},"ips_filter":{"nesting_mode":"list","block":{"attributes":{"ips_filter_name":{"type":"string","description_kind":"plain","optional":true,"computed":true}},"description_kind":"plain"}},"meta_data":{"nesting_mode":"list","block":{"attributes":{"fieldlength":{"type":"number","description_kind":"plain","optional":true,"computed":true},"fieldname":{"type":"string","description_kind":"plain","optional":true,"computed":true},"fieldvalue":{"type":"string","description_kind":"plain","optional":true,"computed":true},"importance":{"type":"string","description_kind":"plain","optional":true,"computed":true},"status":{"type":"string","description_kind":"plain","optional":true,"computed":true}},"description_kind":"plain"}},"policy_package":{"nesting_mode":"list","block":{"attributes":{"policy_package_name":{"type":"string","description_kind":"plain","optional":true,"computed":true}},"description_kind":"plain"}},"web_filter":{"nesting_mode":"list","block":{"attributes":{"web_filter_name":{"type":"string","description_kind":"plain","optional":true,"computed":true}},"description_kind":"plain"}}},"description_kind":"plain"}},"fortimanager_system_alertconsole":{"version":0,"block":{"attributes":{"id":{"type":"string","description_kind":"plain","optional":true,"computed":true},"period":{"type":"string","description_kind":"plain","optional":true,"computed":true},"severity_level":{"type":["set","string"],"description_kind":"plain","optional":true,"computed":true}},"description_kind":"plain"}},"fortimanager_system_alertemail":{"version":0,"block":{"attributes":{"authentication":{"type":"string","description_kind":"plain","optional":true,"computed":true},"fromaddress":{"type":"string","description_kind":"plain","optional":true,"computed":true},"fromname":{"type":"string","description_kind":"plain","optional":true,"computed":true},"id":{"type":"string","description_kind":"plain","optional":true,"computed":true},"smtppassword":{"type":["set","string"],"description_kind":"plain","optional":true,"computed":true},"smtpport":{"type":"number","description_kind":"plain","optional":true,"computed":true},"smtpserver":{"type":"string","description_kind":"plain","optional":true,"computed":true},"smtpuser":{"type":"string","description_kind":"plain","optional":true,"computed":true}},"description_kind":"plain"}},"fortimanager_system_alertevent":{"version":0,"block":{"attributes":{"dynamic_sort_subtable":{"type":"string","description_kind":"plain","optional":true},"enable_generic_text":{"type":["set","string"],"description_kind":"plain","optional":true,"computed":true},"enable_severity_filter":{"type":["set","string"],"description_kind":"plain","optional":true,"computed":true},"event_time_period":{"type":"string","description_kind":"plain","optional":true,"computed":true},"generic_text":{"type":"string","description_kind":"plain","optional":true,"computed":true},"id":{"type":"string","description_kind":"plain","optional":true,"computed":true},"name":{"type":"string","description_kind":"plain","optional":true,"computed":true},"num_events":{"type":"string","description_kind":"plain","optional":true,"computed":true},"severity_filter":{"type":"string","description_kind":"plain","optional":true,"computed":true},"severity_level_comp":{"type":["set","string"],"description_kind":"plain","optional":true,"computed":true},"severity_level_logs":{"type":["set","string"],"description_kind":"plain","optional":true,"computed":true}},"block_types":{"alert_destination":{"nesting_mode":"list","block":{"attributes":{"from":{"type":"string","description_kind":"plain","optional":true,"computed":true},"smtp_name":{"type":"string","description_kind":"plain","optional":true,"computed":true},"snmp_name":{"type":"string","description_kind":"plain","optional":true,"computed":true},"syslog_name":{"type":"string","description_kind":"plain","optional":true,"computed":true},"to":{"type":"string","description_kind":"plain","optional":true,"computed":true},"type":{"type":"string","description_kind":"plain","optional":true,"computed":true}},"description_kind":"plain"}}},"description_kind":"plain"}},"fortimanager_system_autodelete":{"version":0,"block":{"attributes":{"id":{"type":"string","description_kind":"plain","optional":true,"computed":true},"status_fake":{"type":"number","description_kind":"plain","optional":true,"computed":true}},"block_types":{"dlp_files_auto_deletion":{"nesting_mode":"list","block":{"attributes":{"retention":{"type":"string","description_kind":"plain","optional":true,"computed":true},"runat":{"type":"number","description_kind":"plain","optional":true,"computed":true},"status":{"type":"string","description_kind":"plain","optional":true,"computed":true},"value":{"type":"number","description_kind":"plain","optional":true,"computed":true}},"description_kind":"plain"},"max_items":1},"log_auto_deletion":{"nesting_mode":"list","block":{"attributes":{"retention":{"type":"string","description_kind":"plain","optional":true,"computed":true},"runat":{"type":"number","description_kind":"plain","optional":true,"computed":true},"status":{"type":"string","description_kind":"plain","optional":true,"computed":true},"value":{"type":"number","description_kind":"plain","optional":true,"computed":true}},"description_kind":"plain"},"max_items":1},"quarantine_files_auto_deletion":{"nesting_mode":"list","block":{"attributes":{"retention":{"type":"string","description_kind":"plain","optional":true,"computed":true},"runat":{"type":"number","description_kind":"plain","optional":true,"computed":true},"status":{"type":"string","description_kind":"plain","optional":true,"computed":true},"value":{"type":"number","description_kind":"plain","optional":true,"computed":true}},"description_kind":"plain"},"max_items":1},"report_auto_deletion":{"nesting_mode":"list","block":{"attributes":{"retention":{"type":"string","description_kind":"plain","optional":true,"computed":true},"runat":{"type":"number","description_kind":"plain","optional":true,"computed":true},"status":{"type":"string","description_kind":"plain","optional":true,"computed":true},"value":{"type":"number","description_kind":"plain","optional":true,"computed":true}},"description_kind":"plain"},"max_items":1}},"description_kind":"plain"}},"fortimanager_system_autodelete_dlpfilesautodeletion":{"version":0,"block":{"attributes":{"id":{"type":"string","description_kind":"plain","optional":true,"computed":true},"retention":{"type":"string","description_kind":"plain","optional":true,"computed":true},"runat":{"type":"number","description_kind":"plain","optional":true,"computed":true},"status":{"type":"string","description_kind":"plain","optional":true,"computed":true},"value":{"type":"number","description_kind":"plain","optional":true,"computed":true}},"description_kind":"plain"}},"fortimanager_system_autodelete_logautodeletion":{"version":0,"block":{"attributes":{"id":{"type":"string","description_kind":"plain","optional":true,"computed":true},"retention":{"type":"string","description_kind":"plain","optional":true,"computed":true},"runat":{"type":"number","description_kind":"plain","optional":true,"computed":true},"status":{"type":"string","description_kind":"plain","optional":true,"computed":true},"value":{"type":"number","description_kind":"plain","optional":true,"computed":true}},"description_kind":"plain"}},"fortimanager_system_autodelete_quarantinefilesautodeletion":{"version":0,"block":{"attributes":{"id":{"type":"string","description_kind":"plain","optional":true,"computed":true},"retention":{"type":"string","description_kind":"plain","optional":true,"computed":true},"runat":{"type":"number","description_kind":"plain","optional":true,"computed":true},"status":{"type":"string","description_kind":"plain","optional":true,"computed":true},"value":{"type":"number","description_kind":"plain","optional":true,"computed":true}},"description_kind":"plain"}},"fortimanager_system_autodelete_reportautodeletion":{"version":0,"block":{"attributes":{"id":{"type":"string","description_kind":"plain","optional":true,"computed":true},"retention":{"type":"string","description_kind":"plain","optional":true,"computed":true},"runat":{"type":"number","description_kind":"plain","optional":true,"computed":true},"status":{"type":"string","description_kind":"plain","optional":true,"computed":true},"value":{"type":"number","description_kind":"plain","optional":true,"computed":true}},"description_kind":"plain"}},"fortimanager_system_backup_allsettings":{"version":0,"block":{"attributes":{"cert":{"type":"string","description_kind":"plain","optional":true,"computed":true},"crptpasswd":{"type":["set","string"],"description_kind":"plain","optional":true,"computed":true,"sensitive":true},"directory":{"type":"string","description_kind":"plain","optional":true,"computed":true},"id":{"type":"string","description_kind":"plain","optional":true,"computed":true},"passwd":{"type":["set","string"],"description_kind":"plain","optional":true,"computed":true,"sensitive":true},"protocol":{"type":"string","description_kind":"plain","optional":true,"computed":true},"server":{"type":"string","description_kind":"plain","optional":true,"computed":true},"status":{"type":"string","description_kind":"plain","optional":true,"computed":true},"time":{"type":"string","description_kind":"plain","optional":true,"computed":true},"user":{"type":"string","description_kind":"plain","optional":true,"computed":true},"week_days":{"type":["set","string"],"description_kind":"plain","optional":true,"computed":true}},"description_kind":"plain"}},"fortimanager_system_certificate_ca":{"version":0,"block":{"attributes":{"ca":{"type":["set","string"],"description_kind":"plain","optional":true,"computed":true},"comment":{"type":"string","description_kind":"plain","optional":true,"computed":true},"id":{"type":"string","description_kind":"plain","optional":true,"computed":true},"name":{"type":"string","description_kind":"plain","optional":true,"computed":true}},"description_kind":"plain"}},"fortimanager_system_certificate_crl":{"version":0,"block":{"attributes":{"comment":{"type":"string","description_kind":"plain","optional":true,"computed":true},"crl":{"type":["set","string"],"description_kind":"plain","optional":true,"computed":true},"http_url":{"type":"string","description_kind":"plain","optional":true,"computed":true},"id":{"type":"string","description_kind":"plain","optional":true,"computed":true},"name":{"type":"string","description_kind":"plain","optional":true,"computed":true},"update_interval":{"type":"number","description_kind":"plain","optional":true,"computed":true}},"description_kind":"plain"}},"fortimanager_system_certificate_local":{"version":0,"block":{"attributes":{"certificate":{"type":["set","string"],"description_kind":"plain","optional":true,"computed":true},"comment":{"type":"string","description_kind":"plain","optional":true,"computed":true},"csr":{"type":["set","string"],"description_kind":"plain","optional":true,"computed":true},"id":{"type":"string","description_kind":"plain","optional":true,"computed":true},"name":{"type":"string","description_kind":"plain","optional":true,"computed":true},"password":{"type":["set","string"],"description_kind":"plain","optional":true,"computed":true,"sensitive":true},"private_key":{"type":["set","string"],"description_kind":"plain","optional":true,"computed":true}},"description_kind":"plain"}},"fortimanager_system_certificate_oftp":{"version":0,"block":{"attributes":{"certificate":{"type":["set","string"],"description_kind":"plain","optional":true,"computed":true},"comment":{"type":"string","description_kind":"plain","optional":true,"computed":true},"id":{"type":"string","description_kind":"plain","optional":true,"computed":true},"local":{"type":"string","description_kind":"plain","optional":true,"computed":true},"mode":{"type":"string","description_kind":"plain","optional":true,"computed":true},"password":{"type":["set","string"],"description_kind":"plain","optional":true,"computed":true,"sensitive":true},"private_key":{"type":["set","string"],"description_kind":"plain","optional":true,"computed":true,"sensitive":true}},"description_kind":"plain"}},"fortimanager_system_certificate_remote":{"version":0,"block":{"attributes":{"cert":{"type":["set","string"],"description_kind":"plain","optional":true,"computed":true},"comment":{"type":"string","description_kind":"plain","optional":true,"computed":true},"id":{"type":"string","description_kind":"plain","optional":true,"computed":true},"name":{"type":"string","description_kind":"plain","optional":true,"computed":true}},"description_kind":"plain"}},"fortimanager_system_certificate_ssh":{"version":0,"block":{"attributes":{"certificate":{"type":["set","string"],"description_kind":"plain","optional":true,"computed":true},"comment":{"type":"string","description_kind":"plain","optional":true,"computed":true},"id":{"type":"string","description_kind":"plain","optional":true,"computed":true},"name":{"type":"string","description_kind":"plain","optional":true,"computed":true},"private_key":{"type":["set","string"],"description_kind":"plain","optional":true,"computed":true}},"description_kind":"plain"}},"fortimanager_system_connector":{"version":0,"block":{"attributes":{"fsso_refresh_interval":{"type":"number","description_kind":"plain","optional":true,"computed":true},"fsso_sess_timeout":{"type":"number","description_kind":"plain","optional":true,"computed":true},"id":{"type":"string","description_kind":"plain","optional":true,"computed":true},"px_refresh_interval":{"type":"number","description_kind":"plain","optional":true,"computed":true},"px_svr_timeout":{"type":"number","description_kind":"plain","optional":true,"computed":true}},"description_kind":"plain"}},"fortimanager_system_dm":{"version":0,"block":{"attributes":{"concurrent_install_image_limit":{"type":"number","description_kind":"plain","optional":true,"computed":true},"concurrent_install_limit":{"type":"number","description_kind":"plain","optional":true,"computed":true},"concurrent_install_script_limit":{"type":"number","description_kind":"plain","optional":true,"computed":true},"conf_merge_after_script":{"type":"string","description_kind":"plain","optional":true,"computed":true},"discover_timeout":{"type":"number","description_kind":"plain","optional":true,"computed":true},"dpm_logsize":{"type":"number","description_kind":"plain","optional":true,"computed":true},"fgfm_install_refresh_count":{"type":"number","description_kind":"plain","optional":true,"computed":true},"fgfm_keepalive_itvl":{"type":"number","description_kind":"plain","optional":true,"computed":true},"fgfm_sock_timeout":{"type":"number","description_kind":"plain","optional":true,"computed":true},"force_remote_diff":{"type":"string","description_kind":"plain","optional":true,"computed":true},"fortiap_refresh_cnt":{"type":"number","description_kind":"plain","optional":true,"computed":true},"fortiap_refresh_itvl":{"type":"number","description_kind":"plain","optional":true,"computed":true},"fortiext_refresh_cnt":{"type":"number","description_kind":"plain","optional":true,"computed":true},"id":{"type":"string","description_kind":"plain","optional":true,"computed":true},"install_image_timeout":{"type":"number","description_kind":"plain","optional":true,"computed":true},"install_tunnel_retry_itvl":{"type":"number","description_kind":"plain","optional":true,"computed":true},"max_revs":{"type":"number","description_kind":"plain","optional":true,"computed":true},"nr_retry":{"type":"number","description_kind":"plain","optional":true,"computed":true},"retry":{"type":"string","description_kind":"plain","optional":true,"computed":true},"retry_intvl":{"type":"number","description_kind":"plain","optional":true,"computed":true},"rollback_allow_reboot":{"type":"string","description_kind":"plain","optional":true,"computed":true},"script_logsize":{"type":"number","description_kind":"plain","optional":true,"computed":true},"skip_scep_check":{"type":"string","description_kind":"plain","optional":true,"computed":true},"skip_tunnel_fcp_req":{"type":"string","description_kind":"plain","optional":true,"computed":true},"verify_install":{"type":"string","description_kind":"plain","optional":true,"computed":true}},"description_kind":"plain"}},"fortimanager_system_dns":{"version":0,"block":{"attributes":{"id":{"type":"string","description_kind":"plain","optional":true,"computed":true},"ip6_primary":{"type":"string","description_kind":"plain","optional":true,"computed":true},"ip6_secondary":{"type":"string","description_kind":"plain","optional":true,"computed":true},"primary":{"type":"string","description_kind":"plain","optional":true,"computed":true},"secondary":{"type":"string","description_kind":"plain","optional":true,"computed":true}},"description_kind":"plain"}},"fortimanager_system_docker":{"version":0,"block":{"attributes":{"cpu":{"type":"number","description_kind":"plain","optional":true,"computed":true},"default_address_pool_base":{"type":["list","string"],"description_kind":"plain","optional":true,"computed":true},"default_address_pool_size":{"type":"number","description_kind":"plain","optional":true,"computed":true},"docker_user_login_max":{"type":"number","description_kind":"plain","optional":true,"computed":true},"fortiauthenticator":{"type":"string","description_kind":"plain","optional":true,"computed":true},"fortiportal":{"type":"string","description_kind":"plain","optional":true,"computed":true},"fortisigconverter":{"type":"string","description_kind":"plain","optional":true,"computed":true},"fortisoar":{"type":"string","description_kind":"plain","optional":true,"computed":true},"fortiwlm":{"type":"string","description_kind":"plain","optional":true,"computed":true},"id":{"type":"string","description_kind":"plain","optional":true,"computed":true},"mem":{"type":"number","description_kind":"plain","optional":true,"computed":true},"sdwancontroller":{"type":"string","description_kind":"plain","optional":true,"computed":true},"status":{"type":"string","description_kind":"plain","optional":true,"computed":true}},"description_kind":"plain"}},"fortimanager_system_fips":{"version":0,"block":{"attributes":{"entropy_token":{"type":"string","description_kind":"plain","optional":true,"computed":true},"id":{"type":"string","description_kind":"plain","optional":true,"computed":true},"re_seed_interval":{"type":"number","description_kind":"plain","optional":true,"computed":true},"status":{"type":"string","description_kind":"plain","optional":true,"computed":true}},"description_kind":"plain"}},"fortimanager_system_fortiview_autocache":{"version":0,"block":{"attributes":{"aggressive_fortiview":{"type":"string","description_kind":"plain","optional":true,"computed":true},"id":{"type":"string","description_kind":"plain","optional":true,"computed":true},"interval":{"type":"number","description_kind":"plain","optional":true,"computed":true},"status":{"type":"string","description_kind":"plain","optional":true,"computed":true}},"description_kind":"plain"}},"fortimanager_system_fortiview_setting":{"version":0,"block":{"attributes":{"id":{"type":"string","description_kind":"plain","optional":true,"computed":true},"not_scanned_apps":{"type":"string","description_kind":"plain","optional":true,"computed":true},"resolve_ip":{"type":"string","description_kind":"plain","optional":true,"computed":true}},"description_kind":"plain"}},"fortimanager_system_global":{"version":0,"block":{"attributes":{"admin_lockout_duration":{"type":"number","description_kind":"plain","optional":true,"computed":true},"admin_lockout_threshold":{"type":"number","description_kind":"plain","optional":true,"computed":true},"adom_mode":{"type":"string","description_kind":"plain","optional":true,"computed":true},"adom_rev_auto_delete":{"type":"string","description_kind":"plain","optional":true,"computed":true},"adom_rev_max_backup_revisions":{"type":"number","description_kind":"plain","optional":true,"computed":true},"adom_rev_max_days":{"type":"number","description_kind":"plain","optional":true,"computed":true},"adom_rev_max_revisions":{"type":"number","description_kind":"plain","optional":true,"computed":true},"adom_select":{"type":"string","description_kind":"plain","optional":true,"computed":true},"adom_status":{"type":"string","description_kind":"plain","optional":true,"computed":true},"clone_name_option":{"type":"string","description_kind":"plain","optional":true,"computed":true},"clt_cert_req":{"type":"string","description_kind":"plain","optional":true,"computed":true},"console_output":{"type":"string","description_kind":"plain","optional":true,"computed":true},"country_flag":{"type":"string","description_kind":"plain","optional":true,"computed":true},"create_revision":{"type":"string","description_kind":"plain","optional":true,"computed":true},"daylightsavetime":{"type":"string","description_kind":"plain","optional":true,"computed":true},"detect_unregistered_log_device":{"type":"string","description_kind":"plain","optional":true,"computed":true},"device_view_mode":{"type":"string","description_kind":"plain","optional":true,"computed":true},"dh_params":{"type":"string","description_kind":"plain","optional":true,"computed":true},"disable_module":{"type":["set","string"],"description_kind":"plain","optional":true,"computed":true},"dynamic_sort_subtable":{"type":"string","description_kind":"plain","optional":true},"enc_algorithm":{"type":"string","description_kind":"plain","optional":true,"computed":true},"faz_status":{"type":"string","description_kind":"plain","optional":true,"computed":true},"fgfm_ca_cert":{"type":"string","description_kind":"plain","optional":true,"computed":true},"fgfm_local_cert":{"type":"string","description_kind":"plain","optional":true,"computed":true},"fgfm_ssl_protocol":{"type":"string","description_kind":"plain","optional":true,"computed":true},"ha_member_auto_grouping":{"type":"string","description_kind":"plain","optional":true,"computed":true},"hostname":{"type":"string","description_kind":"plain","optional":true,"computed":true},"id":{"type":"string","description_kind":"plain","optional":true,"computed":true},"import_ignore_addr_cmt":{"type":"string","description_kind":"plain","optional":true,"computed":true},"language":{"type":"string","description_kind":"plain","optional":true,"computed":true},"latitude":{"type":"string","description_kind":"plain","optional":true,"computed":true},"ldap_cache_timeout":{"type":"number","description_kind":"plain","optional":true,"computed":true},"ldapconntimeout":{"type":"number","description_kind":"plain","optional":true,"computed":true},"lock_preempt":{"type":"string","description_kind":"plain","optional":true,"computed":true},"log_checksum":{"type":"string","description_kind":"plain","optional":true,"computed":true},"log_forward_cache_size":{"type":"number","description_kind":"plain","optional":true,"computed":true},"longitude":{"type":"string","description_kind":"plain","optional":true,"computed":true},"max_log_forward":{"type":"number","description_kind":"plain","optional":true,"computed":true},"max_running_reports":{"type":"number","description_kind":"plain","optional":true,"computed":true},"multiple_steps_upgrade_in_autolink":{"type":"string","description_kind":"plain","optional":true,"computed":true},"object_revision_db_max":{"type":"number","description_kind":"plain","optional":true,"computed":true},"object_revision_mandatory_note":{"type":"string","description_kind":"plain","optional":true,"computed":true},"object_revision_object_max":{"type":"number","description_kind":"plain","optional":true,"computed":true},"object_revision_status":{"type":"string","description_kind":"plain","optional":true,"computed":true},"oftp_ssl_protocol":{"type":"string","description_kind":"plain","optional":true,"computed":true},"partial_install":{"type":"string","description_kind":"plain","optional":true,"computed":true},"partial_install_force":{"type":"string","description_kind":"plain","optional":true,"computed":true},"partial_install_rev":{"type":"string","description_kind":"plain","optional":true,"computed":true},"per_policy_lock":{"type":"string","description_kind":"plain","optional":true,"computed":true},"perform_improve_by_ha":{"type":"string","description_kind":"plain","optional":true,"computed":true},"policy_object_icon":{"type":"string","description_kind":"plain","optional":true,"computed":true},"policy_object_in_dual_pane":{"type":"string","description_kind":"plain","optional":true,"computed":true},"pre_login_banner":{"type":"string","description_kind":"plain","optional":true,"computed":true},"pre_login_banner_message":{"type":"string","description_kind":"plain","optional":true,"computed":true},"private_data_encryption":{"type":"string","description_kind":"plain","optional":true,"computed":true},"remoteauthtimeout":{"type":"number","description_kind":"plain","optional":true,"computed":true},"search_all_adoms":{"type":"string","description_kind":"plain","optional":true,"computed":true},"ssl_low_encryption":{"type":"string","description_kind":"plain","optional":true,"computed":true},"ssl_protocol":{"type":["set","string"],"description_kind":"plain","optional":true,"computed":true},"ssl_static_key_ciphers":{"type":"string","description_kind":"plain","optional":true,"computed":true},"task_list_size":{"type":"number","description_kind":"plain","optional":true,"computed":true},"tftp":{"type":"string","description_kind":"plain","optional":true,"computed":true},"timezone":{"type":"string","description_kind":"plain","optional":true,"computed":true},"tunnel_mtu":{"type":"number","description_kind":"plain","optional":true,"computed":true},"usg":{"type":"string","description_kind":"plain","optional":true,"computed":true},"vdom_mirror":{"type":"string","description_kind":"plain","optional":true,"computed":true},"webservice_proto":{"type":["set","string"],"description_kind":"plain","optional":true,"computed":true},"workflow_max_sessions":{"type":"number","description_kind":"plain","optional":true,"computed":true},"workspace_mode":{"type":"string","description_kind":"plain","optional":true,"computed":true}},"block_types":{"mc_policy_disabled_adoms":{"nesting_mode":"list","block":{"attributes":{"adom_name":{"type":"string","description_kind":"plain","optional":true,"computed":true}},"description_kind":"plain"}}},"description_kind":"plain"}},"fortimanager_system_guiact":{"version":0,"block":{"attributes":{"backup_all":{"type":"string","description_kind":"plain","optional":true,"computed":true},"backup_conf":{"type":"string","description_kind":"plain","optional":true,"computed":true},"eventlog_msg":{"type":"string","description_kind":"plain","optional":true,"computed":true},"eventlog_path":{"type":"string","description_kind":"plain","optional":true,"computed":true},"id":{"type":"string","description_kind":"plain","optional":true,"computed":true},"reboot":{"type":"number","description_kind":"plain","optional":true,"computed":true},"reset2default":{"type":"number","description_kind":"plain","optional":true,"computed":true},"restore_all":{"type":"string","description_kind":"plain","optional":true,"computed":true},"restore_conf":{"type":"string","description_kind":"plain","optional":true,"computed":true},"time":{"type":"string","description_kind":"plain","optional":true,"computed":true}},"description_kind":"plain"}},"fortimanager_system_ha":{"version":0,"block":{"attributes":{"clusterid":{"type":"number","description_kind":"plain","optional":true,"computed":true},"dynamic_sort_subtable":{"type":"string","description_kind":"plain","optional":true},"file_quota":{"type":"number","description_kind":"plain","optional":true,"computed":true},"hb_interval":{"type":"number","description_kind":"plain","optional":true,"computed":true},"hb_lost_threshold":{"type":"number","description_kind":"plain","optional":true,"computed":true},"id":{"type":"string","description_kind":"plain","optional":true,"computed":true},"local_cert":{"type":"string","description_kind":"plain","optional":true,"computed":true},"mode":{"type":"string","description_kind":"plain","optional":true,"computed":true},"password":{"type":["set","string"],"description_kind":"plain","optional":true,"computed":true,"sensitive":true}},"block_types":{"peer":{"nesting_mode":"list","block":{"attributes":{"id":{"type":"number","description_kind":"plain","optional":true,"computed":true},"ip":{"type":"string","description_kind":"plain","optional":true,"computed":true},"ip6":{"type":"string","description_kind":"plain","optional":true,"computed":true},"serial_number":{"type":"string","description_kind":"plain","optional":true,"computed":true},"status":{"type":"string","description_kind":"plain","optional":true,"computed":true}},"description_kind":"plain"}}},"description_kind":"plain"}},"fortimanager_system_ha_peer":{"version":0,"block":{"attributes":{"fosid":{"type":"number","description_kind":"plain","optional":true,"computed":true},"id":{"type":"string","description_kind":"plain","optional":true,"computed":true},"ip":{"type":"string","description_kind":"plain","optional":true,"computed":true},"ip6":{"type":"string","description_kind":"plain","optional":true,"computed":true},"serial_number":{"type":"string","description_kind":"plain","optional":true,"computed":true},"status":{"type":"string","description_kind":"plain","optional":true,"computed":true}},"description_kind":"plain"}},"fortimanager_system_interface":{"version":0,"block":{"attributes":{"alias":{"type":"string","description_kind":"plain","optional":true,"computed":true},"allowaccess":{"type":["set","string"],"description_kind":"plain","optional":true,"computed":true},"autogenerated":{"type":"string","description_kind":"plain","optional":true,"computed":true},"description":{"type":"string","description_kind":"plain","optional":true,"computed":true},"id":{"type":"string","description_kind":"plain","optional":true,"computed":true},"ip":{"type":["list","string"],"description_kind":"plain","optional":true,"computed":true},"mtu":{"type":"number","description_kind":"plain","optional":true,"computed":true},"name":{"type":"string","description_kind":"plain","optional":true,"computed":true},"rating_service_ip":{"type":["list","string"],"description_kind":"plain","optional":true,"computed":true},"serviceaccess":{"type":["set","string"],"description_kind":"plain","optional":true,"computed":true},"speed":{"type":"string","description_kind":"plain","optional":true,"computed":true},"status":{"type":"string","description_kind":"plain","optional":true,"computed":true},"type":{"type":"string","description_kind":"plain","optional":true,"computed":true},"update_service_ip":{"type":["list","string"],"description_kind":"plain","optional":true,"computed":true}},"block_types":{"ipv6":{"nesting_mode":"list","block":{"attributes":{"ip6_address":{"type":"string","description_kind":"plain","optional":true,"computed":true},"ip6_allowaccess":{"type":["set","string"],"description_kind":"plain","optional":true,"computed":true},"ip6_autoconf":{"type":"string","description_kind":"plain","optional":true,"computed":true}},"description_kind":"plain"},"max_items":1}},"description_kind":"plain"}},"fortimanager_system_locallog_disk_filter":{"version":0,"block":{"attributes":{"aid":{"type":"string","description_kind":"plain","optional":true,"computed":true},"devcfg":{"type":"string","description_kind":"plain","optional":true,"computed":true},"devops":{"type":"string","description_kind":"plain","optional":true,"computed":true},"diskquota":{"type":"string","description_kind":"plain","optional":true,"computed":true},"dm":{"type":"string","description_kind":"plain","optional":true,"computed":true},"docker":{"type":"string","description_kind":"plain","optional":true,"computed":true},"dvm":{"type":"string","description_kind":"plain","optional":true,"computed":true},"ediscovery":{"type":"string","description_kind":"plain","optional":true,"computed":true},"epmgr":{"type":"string","description_kind":"plain","optional":true,"computed":true},"event":{"type":"string","description_kind":"plain","optional":true,"computed":true},"eventmgmt":{"type":"string","description_kind":"plain","optional":true,"computed":true},"faz":{"type":"string","description_kind":"plain","optional":true,"computed":true},"fazha":{"type":"string","description_kind":"plain","optional":true,"computed":true},"fazsys":{"type":"string","description_kind":"plain","optional":true,"computed":true},"fgd":{"type":"string","description_kind":"plain","optional":true,"computed":true},"fgfm":{"type":"string","description_kind":"plain","optional":true,"computed":true},"fips":{"type":"string","description_kind":"plain","optional":true,"computed":true},"fmgws":{"type":"string","description_kind":"plain","optional":true,"computed":true},"fmlmgr":{"type":"string","description_kind":"plain","optional":true,"computed":true},"fmwmgr":{"type":"string","description_kind":"plain","optional":true,"computed":true},"fortiview":{"type":"string","description_kind":"plain","optional":true,"computed":true},"glbcfg":{"type":"string","description_kind":"plain","optional":true,"computed":true},"ha":{"type":"string","description_kind":"plain","optional":true,"computed":true},"hcache":{"type":"string","description_kind":"plain","optional":true,"computed":true},"id":{"type":"string","description_kind":"plain","optional":true,"computed":true},"incident":{"type":"string","description_kind":"plain","optional":true,"computed":true},"iolog":{"type":"string","description_kind":"plain","optional":true,"computed":true},"logd":{"type":"string","description_kind":"plain","optional":true,"computed":true},"logdb":{"type":"string","description_kind":"plain","optional":true,"computed":true},"logdev":{"type":"string","description_kind":"plain","optional":true,"computed":true},"logfile":{"type":"string","description_kind":"plain","optional":true,"computed":true},"logging":{"type":"string","description_kind":"plain","optional":true,"computed":true},"lrmgr":{"type":"string","description_kind":"plain","optional":true,"computed":true},"objcfg":{"type":"string","description_kind":"plain","optional":true,"computed":true},"report":{"type":"string","description_kind":"plain","optional":true,"computed":true},"rev":{"type":"string","description_kind":"plain","optional":true,"computed":true},"rtmon":{"type":"string","description_kind":"plain","optional":true,"computed":true},"scfw":{"type":"string","description_kind":"plain","optional":true,"computed":true},"scply":{"type":"string","description_kind":"plain","optional":true,"computed":true},"scrmgr":{"type":"string","description_kind":"plain","optional":true,"computed":true},"scvpn":{"type":"string","description_kind":"plain","optional":true,"computed":true},"system":{"type":"string","description_kind":"plain","optional":true,"computed":true},"webport":{"type":"string","description_kind":"plain","optional":true,"computed":true}},"description_kind":"plain"}},"fortimanager_system_locallog_disk_setting":{"version":0,"block":{"attributes":{"diskfull":{"type":"string","description_kind":"plain","optional":true,"computed":true},"id":{"type":"string","description_kind":"plain","optional":true,"computed":true},"log_disk_full_percentage":{"type":"number","description_kind":"plain","optional":true,"computed":true},"max_log_file_size":{"type":"number","description_kind":"plain","optional":true,"computed":true},"roll_day":{"type":["set","string"],"description_kind":"plain","optional":true,"computed":true},"roll_schedule":{"type":"string","description_kind":"plain","optional":true,"computed":true},"roll_time":{"type":"string","description_kind":"plain","optional":true,"computed":true},"server_type":{"type":"string","description_kind":"plain","optional":true,"computed":true},"severity":{"type":"string","description_kind":"plain","optional":true,"computed":true},"status":{"type":"string","description_kind":"plain","optional":true,"computed":true},"upload":{"type":"string","description_kind":"plain","optional":true,"computed":true},"upload_delete_files":{"type":"string","description_kind":"plain","optional":true,"computed":true},"upload_time":{"type":"string","description_kind":"plain","optional":true,"computed":true},"uploaddir":{"type":"string","description_kind":"plain","optional":true,"computed":true},"uploadip":{"type":"string","description_kind":"plain","optional":true,"computed":true},"uploadpass":{"type":["set","string"],"description_kind":"plain","optional":true,"computed":true},"uploadport":{"type":"number","description_kind":"plain","optional":true,"computed":true},"uploadsched":{"type":"string","description_kind":"plain","optional":true,"computed":true},"uploadtype":{"type":["set","string"],"description_kind":"plain","optional":true,"computed":true},"uploaduser":{"type":"string","description_kind":"plain","optional":true,"computed":true},"uploadzip":{"type":"string","description_kind":"plain","optional":true,"computed":true}},"description_kind":"plain"}},"fortimanager_system_locallog_fortianalyzer2_filter":{"version":0,"block":{"attributes":{"aid":{"type":"string","description_kind":"plain","optional":true,"computed":true},"devcfg":{"type":"string","description_kind":"plain","optional":true,"computed":true},"devops":{"type":"string","description_kind":"plain","optional":true,"computed":true},"diskquota":{"type":"string","description_kind":"plain","optional":true,"computed":true},"dm":{"type":"string","description_kind":"plain","optional":true,"computed":true},"docker":{"type":"string","description_kind":"plain","optional":true,"computed":true},"dvm":{"type":"string","description_kind":"plain","optional":true,"computed":true},"ediscovery":{"type":"string","description_kind":"plain","optional":true,"computed":true},"epmgr":{"type":"string","description_kind":"plain","optional":true,"computed":true},"event":{"type":"string","description_kind":"plain","optional":true,"computed":true},"eventmgmt":{"type":"string","description_kind":"plain","optional":true,"computed":true},"faz":{"type":"string","description_kind":"plain","optional":true,"computed":true},"fazha":{"type":"string","description_kind":"plain","optional":true,"computed":true},"fazsys":{"type":"string","description_kind":"plain","optional":true,"computed":true},"fgd":{"type":"string","description_kind":"plain","optional":true,"computed":true},"fgfm":{"type":"string","description_kind":"plain","optional":true,"computed":true},"fips":{"type":"string","description_kind":"plain","optional":true,"computed":true},"fmgws":{"type":"string","description_kind":"plain","optional":true,"computed":true},"fmlmgr":{"type":"string","description_kind":"plain","optional":true,"computed":true},"fmwmgr":{"type":"string","description_kind":"plain","optional":true,"computed":true},"fortiview":{"type":"string","description_kind":"plain","optional":true,"computed":true},"glbcfg":{"type":"string","description_kind":"plain","optional":true,"computed":true},"ha":{"type":"string","description_kind":"plain","optional":true,"computed":true},"hcache":{"type":"string","description_kind":"plain","optional":true,"computed":true},"id":{"type":"string","description_kind":"plain","optional":true,"computed":true},"incident":{"type":"string","description_kind":"plain","optional":true,"computed":true},"iolog":{"type":"string","description_kind":"plain","optional":true,"computed":true},"logd":{"type":"string","description_kind":"plain","optional":true,"computed":true},"logdb":{"type":"string","description_kind":"plain","optional":true,"computed":true},"logdev":{"type":"string","description_kind":"plain","optional":true,"computed":true},"logfile":{"type":"string","description_kind":"plain","optional":true,"computed":true},"logging":{"type":"string","description_kind":"plain","optional":true,"computed":true},"lrmgr":{"type":"string","description_kind":"plain","optional":true,"computed":true},"objcfg":{"type":"string","description_kind":"plain","optional":true,"computed":true},"report":{"type":"string","description_kind":"plain","optional":true,"computed":true},"rev":{"type":"string","description_kind":"plain","optional":true,"computed":true},"rtmon":{"type":"string","description_kind":"plain","optional":true,"computed":true},"scfw":{"type":"string","description_kind":"plain","optional":true,"computed":true},"scply":{"type":"string","description_kind":"plain","optional":true,"computed":true},"scrmgr":{"type":"string","description_kind":"plain","optional":true,"computed":true},"scvpn":{"type":"string","description_kind":"plain","optional":true,"computed":true},"system":{"type":"string","description_kind":"plain","optional":true,"computed":true},"webport":{"type":"string","description_kind":"plain","optional":true,"computed":true}},"description_kind":"plain"}},"fortimanager_system_locallog_fortianalyzer2_setting":{"version":0,"block":{"attributes":{"id":{"type":"string","description_kind":"plain","optional":true,"computed":true},"reliable":{"type":"string","description_kind":"plain","optional":true,"computed":true},"secure_connection":{"type":"string","description_kind":"plain","optional":true,"computed":true},"server":{"type":"string","description_kind":"plain","optional":true,"computed":true},"severity":{"type":"string","description_kind":"plain","optional":true,"computed":true},"status":{"type":"string","description_kind":"plain","optional":true,"computed":true},"upload_time":{"type":["set","string"],"description_kind":"plain","optional":true,"computed":true}},"description_kind":"plain"}},"fortimanager_system_locallog_fortianalyzer3_filter":{"version":0,"block":{"attributes":{"aid":{"type":"string","description_kind":"plain","optional":true,"computed":true},"devcfg":{"type":"string","description_kind":"plain","optional":true,"computed":true},"devops":{"type":"string","description_kind":"plain","optional":true,"computed":true},"diskquota":{"type":"string","description_kind":"plain","optional":true,"computed":true},"dm":{"type":"string","description_kind":"plain","optional":true,"computed":true},"docker":{"type":"string","description_kind":"plain","optional":true,"computed":true},"dvm":{"type":"string","description_kind":"plain","optional":true,"computed":true},"ediscovery":{"type":"string","description_kind":"plain","optional":true,"computed":true},"epmgr":{"type":"string","description_kind":"plain","optional":true,"computed":true},"event":{"type":"string","description_kind":"plain","optional":true,"computed":true},"eventmgmt":{"type":"string","description_kind":"plain","optional":true,"computed":true},"faz":{"type":"string","description_kind":"plain","optional":true,"computed":true},"fazha":{"type":"string","description_kind":"plain","optional":true,"computed":true},"fazsys":{"type":"string","description_kind":"plain","optional":true,"computed":true},"fgd":{"type":"string","description_kind":"plain","optional":true,"computed":true},"fgfm":{"type":"string","description_kind":"plain","optional":true,"computed":true},"fips":{"type":"string","description_kind":"plain","optional":true,"computed":true},"fmgws":{"type":"string","description_kind":"plain","optional":true,"computed":true},"fmlmgr":{"type":"string","description_kind":"plain","optional":true,"computed":true},"fmwmgr":{"type":"string","description_kind":"plain","optional":true,"computed":true},"fortiview":{"type":"string","description_kind":"plain","optional":true,"computed":true},"glbcfg":{"type":"string","description_kind":"plain","optional":true,"computed":true},"ha":{"type":"string","description_kind":"plain","optional":true,"computed":true},"hcache":{"type":"string","description_kind":"plain","optional":true,"computed":true},"id":{"type":"string","description_kind":"plain","optional":true,"computed":true},"incident":{"type":"string","description_kind":"plain","optional":true,"computed":true},"iolog":{"type":"string","description_kind":"plain","optional":true,"computed":true},"logd":{"type":"string","description_kind":"plain","optional":true,"computed":true},"logdb":{"type":"string","description_kind":"plain","optional":true,"computed":true},"logdev":{"type":"string","description_kind":"plain","optional":true,"computed":true},"logfile":{"type":"string","description_kind":"plain","optional":true,"computed":true},"logging":{"type":"string","description_kind":"plain","optional":true,"computed":true},"lrmgr":{"type":"string","description_kind":"plain","optional":true,"computed":true},"objcfg":{"type":"string","description_kind":"plain","optional":true,"computed":true},"report":{"type":"string","description_kind":"plain","optional":true,"computed":true},"rev":{"type":"string","description_kind":"plain","optional":true,"computed":true},"rtmon":{"type":"string","description_kind":"plain","optional":true,"computed":true},"scfw":{"type":"string","description_kind":"plain","optional":true,"computed":true},"scply":{"type":"string","description_kind":"plain","optional":true,"computed":true},"scrmgr":{"type":"string","description_kind":"plain","optional":true,"computed":true},"scvpn":{"type":"string","description_kind":"plain","optional":true,"computed":true},"system":{"type":"string","description_kind":"plain","optional":true,"computed":true},"webport":{"type":"string","description_kind":"plain","optional":true,"computed":true}},"description_kind":"plain"}},"fortimanager_system_locallog_fortianalyzer3_setting":{"version":0,"block":{"attributes":{"id":{"type":"string","description_kind":"plain","optional":true,"computed":true},"reliable":{"type":"string","description_kind":"plain","optional":true,"computed":true},"secure_connection":{"type":"string","description_kind":"plain","optional":true,"computed":true},"server":{"type":"string","description_kind":"plain","optional":true,"computed":true},"severity":{"type":"string","description_kind":"plain","optional":true,"computed":true},"status":{"type":"string","description_kind":"plain","optional":true,"computed":true},"upload_time":{"type":["set","string"],"description_kind":"plain","optional":true,"computed":true}},"description_kind":"plain"}},"fortimanager_system_locallog_fortianalyzer_filter":{"version":0,"block":{"attributes":{"aid":{"type":"string","description_kind":"plain","optional":true,"computed":true},"devcfg":{"type":"string","description_kind":"plain","optional":true,"computed":true},"devops":{"type":"string","description_kind":"plain","optional":true,"computed":true},"diskquota":{"type":"string","description_kind":"plain","optional":true,"computed":true},"dm":{"type":"string","description_kind":"plain","optional":true,"computed":true},"docker":{"type":"string","description_kind":"plain","optional":true,"computed":true},"dvm":{"type":"string","description_kind":"plain","optional":true,"computed":true},"ediscovery":{"type":"string","description_kind":"plain","optional":true,"computed":true},"epmgr":{"type":"string","description_kind":"plain","optional":true,"computed":true},"event":{"type":"string","description_kind":"plain","optional":true,"computed":true},"eventmgmt":{"type":"string","description_kind":"plain","optional":true,"computed":true},"faz":{"type":"string","description_kind":"plain","optional":true,"computed":true},"fazha":{"type":"string","description_kind":"plain","optional":true,"computed":true},"fazsys":{"type":"string","description_kind":"plain","optional":true,"computed":true},"fgd":{"type":"string","description_kind":"plain","optional":true,"computed":true},"fgfm":{"type":"string","description_kind":"plain","optional":true,"computed":true},"fips":{"type":"string","description_kind":"plain","optional":true,"computed":true},"fmgws":{"type":"string","description_kind":"plain","optional":true,"computed":true},"fmlmgr":{"type":"string","description_kind":"plain","optional":true,"computed":true},"fmwmgr":{"type":"string","description_kind":"plain","optional":true,"computed":true},"fortiview":{"type":"string","description_kind":"plain","optional":true,"computed":true},"glbcfg":{"type":"string","description_kind":"plain","optional":true,"computed":true},"ha":{"type":"string","description_kind":"plain","optional":true,"computed":true},"hcache":{"type":"string","description_kind":"plain","optional":true,"computed":true},"id":{"type":"string","description_kind":"plain","optional":true,"computed":true},"incident":{"type":"string","description_kind":"plain","optional":true,"computed":true},"iolog":{"type":"string","description_kind":"plain","optional":true,"computed":true},"logd":{"type":"string","description_kind":"plain","optional":true,"computed":true},"logdb":{"type":"string","description_kind":"plain","optional":true,"computed":true},"logdev":{"type":"string","description_kind":"plain","optional":true,"computed":true},"logfile":{"type":"string","description_kind":"plain","optional":true,"computed":true},"logging":{"type":"string","description_kind":"plain","optional":true,"computed":true},"lrmgr":{"type":"string","description_kind":"plain","optional":true,"computed":true},"objcfg":{"type":"string","description_kind":"plain","optional":true,"computed":true},"report":{"type":"string","description_kind":"plain","optional":true,"computed":true},"rev":{"type":"string","description_kind":"plain","optional":true,"computed":true},"rtmon":{"type":"string","description_kind":"plain","optional":true,"computed":true},"scfw":{"type":"string","description_kind":"plain","optional":true,"computed":true},"scply":{"type":"string","description_kind":"plain","optional":true,"computed":true},"scrmgr":{"type":"string","description_kind":"plain","optional":true,"computed":true},"scvpn":{"type":"string","description_kind":"plain","optional":true,"computed":true},"system":{"type":"string","description_kind":"plain","optional":true,"computed":true},"webport":{"type":"string","description_kind":"plain","optional":true,"computed":true}},"description_kind":"plain"}},"fortimanager_system_locallog_fortianalyzer_setting":{"version":0,"block":{"attributes":{"id":{"type":"string","description_kind":"plain","optional":true,"computed":true},"reliable":{"type":"string","description_kind":"plain","optional":true,"computed":true},"secure_connection":{"type":"string","description_kind":"plain","optional":true,"computed":true},"server":{"type":"string","description_kind":"plain","optional":true,"computed":true},"severity":{"type":"string","description_kind":"plain","optional":true,"computed":true},"status":{"type":"string","description_kind":"plain","optional":true,"computed":true},"upload_time":{"type":["set","string"],"description_kind":"plain","optional":true,"computed":true}},"description_kind":"plain"}},"fortimanager_system_locallog_memory_filter":{"version":0,"block":{"attributes":{"aid":{"type":"string","description_kind":"plain","optional":true,"computed":true},"devcfg":{"type":"string","description_kind":"plain","optional":true,"computed":true},"devops":{"type":"string","description_kind":"plain","optional":true,"computed":true},"diskquota":{"type":"string","description_kind":"plain","optional":true,"computed":true},"dm":{"type":"string","description_kind":"plain","optional":true,"computed":true},"docker":{"type":"string","description_kind":"plain","optional":true,"computed":true},"dvm":{"type":"string","description_kind":"plain","optional":true,"computed":true},"ediscovery":{"type":"string","description_kind":"plain","optional":true,"computed":true},"epmgr":{"type":"string","description_kind":"plain","optional":true,"computed":true},"event":{"type":"string","description_kind":"plain","optional":true,"computed":true},"eventmgmt":{"type":"string","description_kind":"plain","optional":true,"computed":true},"faz":{"type":"string","description_kind":"plain","optional":true,"computed":true},"fazha":{"type":"string","description_kind":"plain","optional":true,"computed":true},"fazsys":{"type":"string","description_kind":"plain","optional":true,"computed":true},"fgd":{"type":"string","description_kind":"plain","optional":true,"computed":true},"fgfm":{"type":"string","description_kind":"plain","optional":true,"computed":true},"fips":{"type":"string","description_kind":"plain","optional":true,"computed":true},"fmgws":{"type":"string","description_kind":"plain","optional":true,"computed":true},"fmlmgr":{"type":"string","description_kind":"plain","optional":true,"computed":true},"fmwmgr":{"type":"string","description_kind":"plain","optional":true,"computed":true},"fortiview":{"type":"string","description_kind":"plain","optional":true,"computed":true},"glbcfg":{"type":"string","description_kind":"plain","optional":true,"computed":true},"ha":{"type":"string","description_kind":"plain","optional":true,"computed":true},"hcache":{"type":"string","description_kind":"plain","optional":true,"computed":true},"id":{"type":"string","description_kind":"plain","optional":true,"computed":true},"incident":{"type":"string","description_kind":"plain","optional":true,"computed":true},"iolog":{"type":"string","description_kind":"plain","optional":true,"computed":true},"logd":{"type":"string","description_kind":"plain","optional":true,"computed":true},"logdb":{"type":"string","description_kind":"plain","optional":true,"computed":true},"logdev":{"type":"string","description_kind":"plain","optional":true,"computed":true},"logfile":{"type":"string","description_kind":"plain","optional":true,"computed":true},"logging":{"type":"string","description_kind":"plain","optional":true,"computed":true},"lrmgr":{"type":"string","description_kind":"plain","optional":true,"computed":true},"objcfg":{"type":"string","description_kind":"plain","optional":true,"computed":true},"report":{"type":"string","description_kind":"plain","optional":true,"computed":true},"rev":{"type":"string","description_kind":"plain","optional":true,"computed":true},"rtmon":{"type":"string","description_kind":"plain","optional":true,"computed":true},"scfw":{"type":"string","description_kind":"plain","optional":true,"computed":true},"scply":{"type":"string","description_kind":"plain","optional":true,"computed":true},"scrmgr":{"type":"string","description_kind":"plain","optional":true,"computed":true},"scvpn":{"type":"string","description_kind":"plain","optional":true,"computed":true},"system":{"type":"string","description_kind":"plain","optional":true,"computed":true},"webport":{"type":"string","description_kind":"plain","optional":true,"computed":true}},"description_kind":"plain"}},"fortimanager_system_locallog_memory_setting":{"version":0,"block":{"attributes":{"diskfull":{"type":"string","description_kind":"plain","optional":true,"computed":true},"id":{"type":"string","description_kind":"plain","optional":true,"computed":true},"severity":{"type":"string","description_kind":"plain","optional":true,"computed":true},"status":{"type":"string","description_kind":"plain","optional":true,"computed":true}},"description_kind":"plain"}},"fortimanager_system_locallog_setting":{"version":0,"block":{"attributes":{"id":{"type":"string","description_kind":"plain","optional":true,"computed":true},"log_interval_dev_no_logging":{"type":"number","description_kind":"plain","optional":true,"computed":true},"log_interval_disk_full":{"type":"number","description_kind":"plain","optional":true,"computed":true},"log_interval_gbday_exceeded":{"type":"number","description_kind":"plain","optional":true,"computed":true}},"description_kind":"plain"}},"fortimanager_system_locallog_syslogd2_filter":{"version":0,"block":{"attributes":{"aid":{"type":"string","description_kind":"plain","optional":true,"computed":true},"devcfg":{"type":"string","description_kind":"plain","optional":true,"computed":true},"devops":{"type":"string","description_kind":"plain","optional":true,"computed":true},"diskquota":{"type":"string","description_kind":"plain","optional":true,"computed":true},"dm":{"type":"string","description_kind":"plain","optional":true,"computed":true},"docker":{"type":"string","description_kind":"plain","optional":true,"computed":true},"dvm":{"type":"string","description_kind":"plain","optional":true,"computed":true},"ediscovery":{"type":"string","description_kind":"plain","optional":true,"computed":true},"epmgr":{"type":"string","description_kind":"plain","optional":true,"computed":true},"event":{"type":"string","description_kind":"plain","optional":true,"computed":true},"eventmgmt":{"type":"string","description_kind":"plain","optional":true,"computed":true},"faz":{"type":"string","description_kind":"plain","optional":true,"computed":true},"fazha":{"type":"string","description_kind":"plain","optional":true,"computed":true},"fazsys":{"type":"string","description_kind":"plain","optional":true,"computed":true},"fgd":{"type":"string","description_kind":"plain","optional":true,"computed":true},"fgfm":{"type":"string","description_kind":"plain","optional":true,"computed":true},"fips":{"type":"string","description_kind":"plain","optional":true,"computed":true},"fmgws":{"type":"string","description_kind":"plain","optional":true,"computed":true},"fmlmgr":{"type":"string","description_kind":"plain","optional":true,"computed":true},"fmwmgr":{"type":"string","description_kind":"plain","optional":true,"computed":true},"fortiview":{"type":"string","description_kind":"plain","optional":true,"computed":true},"glbcfg":{"type":"string","description_kind":"plain","optional":true,"computed":true},"ha":{"type":"string","description_kind":"plain","optional":true,"computed":true},"hcache":{"type":"string","description_kind":"plain","optional":true,"computed":true},"id":{"type":"string","description_kind":"plain","optional":true,"computed":true},"incident":{"type":"string","description_kind":"plain","optional":true,"computed":true},"iolog":{"type":"string","description_kind":"plain","optional":true,"computed":true},"logd":{"type":"string","description_kind":"plain","optional":true,"computed":true},"logdb":{"type":"string","description_kind":"plain","optional":true,"computed":true},"logdev":{"type":"string","description_kind":"plain","optional":true,"computed":true},"logfile":{"type":"string","description_kind":"plain","optional":true,"computed":true},"logging":{"type":"string","description_kind":"plain","optional":true,"computed":true},"lrmgr":{"type":"string","description_kind":"plain","optional":true,"computed":true},"objcfg":{"type":"string","description_kind":"plain","optional":true,"computed":true},"report":{"type":"string","description_kind":"plain","optional":true,"computed":true},"rev":{"type":"string","description_kind":"plain","optional":true,"computed":true},"rtmon":{"type":"string","description_kind":"plain","optional":true,"computed":true},"scfw":{"type":"string","description_kind":"plain","optional":true,"computed":true},"scply":{"type":"string","description_kind":"plain","optional":true,"computed":true},"scrmgr":{"type":"string","description_kind":"plain","optional":true,"computed":true},"scvpn":{"type":"string","description_kind":"plain","optional":true,"computed":true},"system":{"type":"string","description_kind":"plain","optional":true,"computed":true},"webport":{"type":"string","description_kind":"plain","optional":true,"computed":true}},"description_kind":"plain"}},"fortimanager_system_locallog_syslogd2_setting":{"version":0,"block":{"attributes":{"csv":{"type":"string","description_kind":"plain","optional":true,"computed":true},"facility":{"type":"string","description_kind":"plain","optional":true,"computed":true},"id":{"type":"string","description_kind":"plain","optional":true,"computed":true},"severity":{"type":"string","description_kind":"plain","optional":true,"computed":true},"status":{"type":"string","description_kind":"plain","optional":true,"computed":true},"syslog_name":{"type":"string","description_kind":"plain","optional":true,"computed":true}},"description_kind":"plain"}},"fortimanager_system_locallog_syslogd3_filter":{"version":0,"block":{"attributes":{"aid":{"type":"string","description_kind":"plain","optional":true,"computed":true},"devcfg":{"type":"string","description_kind":"plain","optional":true,"computed":true},"devops":{"type":"string","description_kind":"plain","optional":true,"computed":true},"diskquota":{"type":"string","description_kind":"plain","optional":true,"computed":true},"dm":{"type":"string","description_kind":"plain","optional":true,"computed":true},"docker":{"type":"string","description_kind":"plain","optional":true,"computed":true},"dvm":{"type":"string","description_kind":"plain","optional":true,"computed":true},"ediscovery":{"type":"string","description_kind":"plain","optional":true,"computed":true},"epmgr":{"type":"string","description_kind":"plain","optional":true,"computed":true},"event":{"type":"string","description_kind":"plain","optional":true,"computed":true},"eventmgmt":{"type":"string","description_kind":"plain","optional":true,"computed":true},"faz":{"type":"string","description_kind":"plain","optional":true,"computed":true},"fazha":{"type":"string","description_kind":"plain","optional":true,"computed":true},"fazsys":{"type":"string","description_kind":"plain","optional":true,"computed":true},"fgd":{"type":"string","description_kind":"plain","optional":true,"computed":true},"fgfm":{"type":"string","description_kind":"plain","optional":true,"computed":true},"fips":{"type":"string","description_kind":"plain","optional":true,"computed":true},"fmgws":{"type":"string","description_kind":"plain","optional":true,"computed":true},"fmlmgr":{"type":"string","description_kind":"plain","optional":true,"computed":true},"fmwmgr":{"type":"string","description_kind":"plain","optional":true,"computed":true},"fortiview":{"type":"string","description_kind":"plain","optional":true,"computed":true},"glbcfg":{"type":"string","description_kind":"plain","optional":true,"computed":true},"ha":{"type":"string","description_kind":"plain","optional":true,"computed":true},"hcache":{"type":"string","description_kind":"plain","optional":true,"computed":true},"id":{"type":"string","description_kind":"plain","optional":true,"computed":true},"incident":{"type":"string","description_kind":"plain","optional":true,"computed":true},"iolog":{"type":"string","description_kind":"plain","optional":true,"computed":true},"logd":{"type":"string","description_kind":"plain","optional":true,"computed":true},"logdb":{"type":"string","description_kind":"plain","optional":true,"computed":true},"logdev":{"type":"string","description_kind":"plain","optional":true,"computed":true},"logfile":{"type":"string","description_kind":"plain","optional":true,"computed":true},"logging":{"type":"string","description_kind":"plain","optional":true,"computed":true},"lrmgr":{"type":"string","description_kind":"plain","optional":true,"computed":true},"objcfg":{"type":"string","description_kind":"plain","optional":true,"computed":true},"report":{"type":"string","description_kind":"plain","optional":true,"computed":true},"rev":{"type":"string","description_kind":"plain","optional":true,"computed":true},"rtmon":{"type":"string","description_kind":"plain","optional":true,"computed":true},"scfw":{"type":"string","description_kind":"plain","optional":true,"computed":true},"scply":{"type":"string","description_kind":"plain","optional":true,"computed":true},"scrmgr":{"type":"string","description_kind":"plain","optional":true,"computed":true},"scvpn":{"type":"string","description_kind":"plain","optional":true,"computed":true},"system":{"type":"string","description_kind":"plain","optional":true,"computed":true},"webport":{"type":"string","description_kind":"plain","optional":true,"computed":true}},"description_kind":"plain"}},"fortimanager_system_locallog_syslogd3_setting":{"version":0,"block":{"attributes":{"csv":{"type":"string","description_kind":"plain","optional":true,"computed":true},"facility":{"type":"string","description_kind":"plain","optional":true,"computed":true},"id":{"type":"string","description_kind":"plain","optional":true,"computed":true},"severity":{"type":"string","description_kind":"plain","optional":true,"computed":true},"status":{"type":"string","description_kind":"plain","optional":true,"computed":true},"syslog_name":{"type":"string","description_kind":"plain","optional":true,"computed":true}},"description_kind":"plain"}},"fortimanager_system_locallog_syslogd_filter":{"version":0,"block":{"attributes":{"aid":{"type":"string","description_kind":"plain","optional":true,"computed":true},"devcfg":{"type":"string","description_kind":"plain","optional":true,"computed":true},"devops":{"type":"string","description_kind":"plain","optional":true,"computed":true},"diskquota":{"type":"string","description_kind":"plain","optional":true,"computed":true},"dm":{"type":"string","description_kind":"plain","optional":true,"computed":true},"docker":{"type":"string","description_kind":"plain","optional":true,"computed":true},"dvm":{"type":"string","description_kind":"plain","optional":true,"computed":true},"ediscovery":{"type":"string","description_kind":"plain","optional":true,"computed":true},"epmgr":{"type":"string","description_kind":"plain","optional":true,"computed":true},"event":{"type":"string","description_kind":"plain","optional":true,"computed":true},"eventmgmt":{"type":"string","description_kind":"plain","optional":true,"computed":true},"faz":{"type":"string","description_kind":"plain","optional":true,"computed":true},"fazha":{"type":"string","description_kind":"plain","optional":true,"computed":true},"fazsys":{"type":"string","description_kind":"plain","optional":true,"computed":true},"fgd":{"type":"string","description_kind":"plain","optional":true,"computed":true},"fgfm":{"type":"string","description_kind":"plain","optional":true,"computed":true},"fips":{"type":"string","description_kind":"plain","optional":true,"computed":true},"fmgws":{"type":"string","description_kind":"plain","optional":true,"computed":true},"fmlmgr":{"type":"string","description_kind":"plain","optional":true,"computed":true},"fmwmgr":{"type":"string","description_kind":"plain","optional":true,"computed":true},"fortiview":{"type":"string","description_kind":"plain","optional":true,"computed":true},"glbcfg":{"type":"string","description_kind":"plain","optional":true,"computed":true},"ha":{"type":"string","description_kind":"plain","optional":true,"computed":true},"hcache":{"type":"string","description_kind":"plain","optional":true,"computed":true},"id":{"type":"string","description_kind":"plain","optional":true,"computed":true},"incident":{"type":"string","description_kind":"plain","optional":true,"computed":true},"iolog":{"type":"string","description_kind":"plain","optional":true,"computed":true},"logd":{"type":"string","description_kind":"plain","optional":true,"computed":true},"logdb":{"type":"string","description_kind":"plain","optional":true,"computed":true},"logdev":{"type":"string","description_kind":"plain","optional":true,"computed":true},"logfile":{"type":"string","description_kind":"plain","optional":true,"computed":true},"logging":{"type":"string","description_kind":"plain","optional":true,"computed":true},"lrmgr":{"type":"string","description_kind":"plain","optional":true,"computed":true},"objcfg":{"type":"string","description_kind":"plain","optional":true,"computed":true},"report":{"type":"string","description_kind":"plain","optional":true,"computed":true},"rev":{"type":"string","description_kind":"plain","optional":true,"computed":true},"rtmon":{"type":"string","description_kind":"plain","optional":true,"computed":true},"scfw":{"type":"string","description_kind":"plain","optional":true,"computed":true},"scply":{"type":"string","description_kind":"plain","optional":true,"computed":true},"scrmgr":{"type":"string","description_kind":"plain","optional":true,"computed":true},"scvpn":{"type":"string","description_kind":"plain","optional":true,"computed":true},"system":{"type":"string","description_kind":"plain","optional":true,"computed":true},"webport":{"type":"string","description_kind":"plain","optional":true,"computed":true}},"description_kind":"plain"}},"fortimanager_system_locallog_syslogd_setting":{"version":0,"block":{"attributes":{"csv":{"type":"string","description_kind":"plain","optional":true,"computed":true},"facility":{"type":"string","description_kind":"plain","optional":true,"computed":true},"id":{"type":"string","description_kind":"plain","optional":true,"computed":true},"severity":{"type":"string","description_kind":"plain","optional":true,"computed":true},"status":{"type":"string","description_kind":"plain","optional":true,"computed":true},"syslog_name":{"type":"string","description_kind":"plain","optional":true,"computed":true}},"description_kind":"plain"}},"fortimanager_system_log_alert":{"version":0,"block":{"attributes":{"id":{"type":"string","description_kind":"plain","optional":true,"computed":true},"max_alert_count":{"type":"number","description_kind":"plain","optional":true,"computed":true}},"description_kind":"plain"}},"fortimanager_system_log_devicedisable":{"version":0,"block":{"attributes":{"device":{"type":"string","description_kind":"plain","optional":true,"computed":true},"fosid":{"type":"number","description_kind":"plain","optional":true,"computed":true},"id":{"type":"string","description_kind":"plain","optional":true,"computed":true},"ttl":{"type":"string","description_kind":"plain","optional":true,"computed":true}},"description_kind":"plain"}},"fortimanager_system_log_interfacestats":{"version":0,"block":{"attributes":{"billing_report":{"type":"string","description_kind":"plain","optional":true,"computed":true},"id":{"type":"string","description_kind":"plain","optional":true,"computed":true},"retention_days":{"type":"number","description_kind":"plain","optional":true,"computed":true},"sampling_interval":{"type":"number","description_kind":"plain","optional":true,"computed":true},"status":{"type":"string","description_kind":"plain","optional":true,"computed":true}},"description_kind":"plain"}},"fortimanager_system_log_ioc":{"version":0,"block":{"attributes":{"id":{"type":"string","description_kind":"plain","optional":true,"computed":true},"notification":{"type":"string","description_kind":"plain","optional":true,"computed":true},"notification_throttle":{"type":"number","description_kind":"plain","optional":true,"computed":true},"rescan_max_runner":{"type":"number","description_kind":"plain","optional":true,"computed":true},"rescan_run_at":{"type":"number","description_kind":"plain","optional":true,"computed":true},"rescan_status":{"type":"string","description_kind":"plain","optional":true,"computed":true},"status":{"type":"string","description_kind":"plain","optional":true,"computed":true}},"description_kind":"plain"}},"fortimanager_system_log_maildomain":{"version":0,"block":{"attributes":{"devices":{"type":"string","description_kind":"plain","optional":true,"computed":true},"domain":{"type":"string","description_kind":"plain","optional":true,"computed":true},"fosid":{"type":"number","description_kind":"plain","optional":true,"computed":true},"id":{"type":"string","description_kind":"plain","optional":true,"computed":true},"vdom":{"type":"string","description_kind":"plain","optional":true,"computed":true}},"description_kind":"plain"}},"fortimanager_system_log_ratelimit":{"version":0,"block":{"attributes":{"device_ratelimit_default":{"type":"number","description_kind":"plain","optional":true,"computed":true},"dynamic_sort_subtable":{"type":"string","description_kind":"plain","optional":true},"id":{"type":"string","description_kind":"plain","optional":true,"computed":true},"mode":{"type":"string","description_kind":"plain","optional":true,"computed":true},"system_ratelimit":{"type":"number","description_kind":"plain","optional":true,"computed":true}},"block_types":{"device":{"nesting_mode":"list","block":{"attributes":{"device":{"type":"string","description_kind":"plain","optional":true,"computed":true},"filter_type":{"type":"string","description_kind":"plain","optional":true,"computed":true},"id":{"type":"number","description_kind":"plain","optional":true,"computed":true},"ratelimit":{"type":"number","description_kind":"plain","optional":true,"computed":true}},"description_kind":"plain"}}},"description_kind":"plain"}},"fortimanager_system_log_ratelimit_device":{"version":0,"block":{"attributes":{"device":{"type":"string","description_kind":"plain","optional":true,"computed":true},"filter_type":{"type":"string","description_kind":"plain","optional":true,"computed":true},"fosid":{"type":"number","description_kind":"plain","optional":true,"computed":true},"id":{"type":"string","description_kind":"plain","optional":true,"computed":true},"ratelimit":{"type":"number","description_kind":"plain","optional":true,"computed":true}},"description_kind":"plain"}},"fortimanager_system_log_settings":{"version":0,"block":{"attributes":{"browse_max_logfiles":{"type":"number","description_kind":"plain","optional":true,"computed":true},"dns_resolve_dstip":{"type":"string","description_kind":"plain","optional":true,"computed":true},"download_max_logs":{"type":"number","description_kind":"plain","optional":true,"computed":true},"fac_custom_field1":{"type":"string","description_kind":"plain","optional":true,"computed":true},"faz_custom_field1":{"type":"string","description_kind":"plain","optional":true,"computed":true},"fch_custom_field1":{"type":"string","description_kind":"plain","optional":true,"computed":true},"fct_custom_field1":{"type":"string","description_kind":"plain","optional":true,"computed":true},"fdd_custom_field1":{"type":"string","description_kind":"plain","optional":true,"computed":true},"fgt_custom_field1":{"type":"string","description_kind":"plain","optional":true,"computed":true},"fmg_custom_field1":{"type":"string","description_kind":"plain","optional":true,"computed":true},"fml_custom_field1":{"type":"string","description_kind":"plain","optional":true,"computed":true},"fpx_custom_field1":{"type":"string","description_kind":"plain","optional":true,"computed":true},"fsa_custom_field1":{"type":"string","description_kind":"plain","optional":true,"computed":true},"fwb_custom_field1":{"type":"string","description_kind":"plain","optional":true,"computed":true},"ha_auto_migrate":{"type":"string","description_kind":"plain","optional":true,"computed":true},"id":{"type":"string","description_kind":"plain","optional":true,"computed":true},"import_max_logfiles":{"type":"number","description_kind":"plain","optional":true,"computed":true},"log_file_archive_name":{"type":"string","description_kind":"plain","optional":true,"computed":true},"sync_search_timeout":{"type":"number","description_kind":"plain","optional":true,"computed":true}},"block_types":{"rolling_analyzer":{"nesting_mode":"list","block":{"attributes":{"days":{"type":["set","string"],"description_kind":"plain","optional":true,"computed":true},"del_files":{"type":"string","description_kind":"plain","optional":true,"computed":true},"directory":{"type":"string","description_kind":"plain","optional":true,"computed":true},"file_size":{"type":"number","description_kind":"plain","optional":true,"computed":true},"gzip_format":{"type":"string","description_kind":"plain","optional":true,"computed":true},"hour":{"type":"number","description_kind":"plain","optional":true,"computed":true},"ip":{"type":"string","description_kind":"plain","optional":true,"computed":true},"ip2":{"type":"string","description_kind":"plain","optional":true,"computed":true},"ip3":{"type":"string","description_kind":"plain","optional":true,"computed":true},"log_format":{"type":"string","description_kind":"plain","optional":true,"computed":true},"min":{"type":"number","description_kind":"plain","optional":true,"computed":true},"password":{"type":["set","string"],"description_kind":"plain","optional":true,"computed":true,"sensitive":true},"password2":{"type":["set","string"],"description_kind":"plain","optional":true,"computed":true},"password3":{"type":["set","string"],"description_kind":"plain","optional":true,"computed":true},"port":{"type":"number","description_kind":"plain","optional":true,"computed":true},"port2":{"type":"number","description_kind":"plain","optional":true,"computed":true},"port3":{"type":"number","description_kind":"plain","optional":true,"computed":true},"server_type":{"type":"string","description_kind":"plain","optional":true,"computed":true},"upload":{"type":"string","description_kind":"plain","optional":true,"computed":true},"upload_hour":{"type":"number","description_kind":"plain","optional":true,"computed":true},"upload_mode":{"type":"string","description_kind":"plain","optional":true,"computed":true},"upload_trigger":{"type":"string","description_kind":"plain","optional":true,"computed":true},"username":{"type":"string","description_kind":"plain","optional":true,"computed":true},"username2":{"type":"string","description_kind":"plain","optional":true,"computed":true},"username3":{"type":"string","description_kind":"plain","optional":true,"computed":true},"when":{"type":"string","description_kind":"plain","optional":true,"computed":true}},"description_kind":"plain"},"max_items":1},"rolling_local":{"nesting_mode":"list","block":{"attributes":{"days":{"type":["set","string"],"description_kind":"plain","optional":true,"computed":true},"del_files":{"type":"string","description_kind":"plain","optional":true,"computed":true},"directory":{"type":"string","description_kind":"plain","optional":true,"computed":true},"file_size":{"type":"number","description_kind":"plain","optional":true,"computed":true},"gzip_format":{"type":"string","description_kind":"plain","optional":true,"computed":true},"hour":{"type":"number","description_kind":"plain","optional":true,"computed":true},"ip":{"type":"string","description_kind":"plain","optional":true,"computed":true},"ip2":{"type":"string","description_kind":"plain","optional":true,"computed":true},"ip3":{"type":"string","description_kind":"plain","optional":true,"computed":true},"log_format":{"type":"string","description_kind":"plain","optional":true,"computed":true},"min":{"type":"number","description_kind":"plain","optional":true,"computed":true},"password":{"type":["set","string"],"description_kind":"plain","optional":true,"computed":true,"sensitive":true},"password2":{"type":["set","string"],"description_kind":"plain","optional":true,"computed":true},"password3":{"type":["set","string"],"description_kind":"plain","optional":true,"computed":true},"port":{"type":"number","description_kind":"plain","optional":true,"computed":true},"port2":{"type":"number","description_kind":"plain","optional":true,"computed":true},"port3":{"type":"number","description_kind":"plain","optional":true,"computed":true},"server_type":{"type":"string","description_kind":"plain","optional":true,"computed":true},"upload":{"type":"string","description_kind":"plain","optional":true,"computed":true},"upload_hour":{"type":"number","description_kind":"plain","optional":true,"computed":true},"upload_mode":{"type":"string","description_kind":"plain","optional":true,"computed":true},"upload_trigger":{"type":"string","description_kind":"plain","optional":true,"computed":true},"username":{"type":"string","description_kind":"plain","optional":true,"computed":true},"username2":{"type":"string","description_kind":"plain","optional":true,"computed":true},"username3":{"type":"string","description_kind":"plain","optional":true,"computed":true},"when":{"type":"string","description_kind":"plain","optional":true,"computed":true}},"description_kind":"plain"},"max_items":1},"rolling_regular":{"nesting_mode":"list","block":{"attributes":{"days":{"type":["set","string"],"description_kind":"plain","optional":true,"computed":true},"del_files":{"type":"string","description_kind":"plain","optional":true,"computed":true},"directory":{"type":"string","description_kind":"plain","optional":true,"computed":true},"file_size":{"type":"number","description_kind":"plain","optional":true,"computed":true},"gzip_format":{"type":"string","description_kind":"plain","optional":true,"computed":true},"hour":{"type":"number","description_kind":"plain","optional":true,"computed":true},"ip":{"type":"string","description_kind":"plain","optional":true,"computed":true},"ip2":{"type":"string","description_kind":"plain","optional":true,"computed":true},"ip3":{"type":"string","description_kind":"plain","optional":true,"computed":true},"log_format":{"type":"string","description_kind":"plain","optional":true,"computed":true},"min":{"type":"number","description_kind":"plain","optional":true,"computed":true},"password":{"type":["set","string"],"description_kind":"plain","optional":true,"computed":true},"password2":{"type":["set","string"],"description_kind":"plain","optional":true,"computed":true},"password3":{"type":["set","string"],"description_kind":"plain","optional":true,"computed":true},"port":{"type":"number","description_kind":"plain","optional":true,"computed":true},"port2":{"type":"number","description_kind":"plain","optional":true,"computed":true},"port3":{"type":"number","description_kind":"plain","optional":true,"computed":true},"server_type":{"type":"string","description_kind":"plain","optional":true,"computed":true},"upload":{"type":"string","description_kind":"plain","optional":true,"computed":true},"upload_hour":{"type":"number","description_kind":"plain","optional":true,"computed":true},"upload_mode":{"type":"string","description_kind":"plain","optional":true,"computed":true},"upload_trigger":{"type":"string","description_kind":"plain","optional":true,"computed":true},"username":{"type":"string","description_kind":"plain","optional":true,"computed":true},"username2":{"type":"string","description_kind":"plain","optional":true,"computed":true},"username3":{"type":"string","description_kind":"plain","optional":true,"computed":true},"when":{"type":"string","description_kind":"plain","optional":true,"computed":true}},"description_kind":"plain"},"max_items":1}},"description_kind":"plain"}},"fortimanager_system_log_settings_rollinganalyzer":{"version":0,"block":{"attributes":{"days":{"type":["set","string"],"description_kind":"plain","optional":true,"computed":true},"del_files":{"type":"string","description_kind":"plain","optional":true,"computed":true},"directory":{"type":"string","description_kind":"plain","optional":true,"computed":true},"file_size":{"type":"number","description_kind":"plain","optional":true,"computed":true},"gzip_format":{"type":"string","description_kind":"plain","optional":true,"computed":true},"hour":{"type":"number","description_kind":"plain","optional":true,"computed":true},"id":{"type":"string","description_kind":"plain","optional":true,"computed":true},"ip":{"type":"string","description_kind":"plain","optional":true,"computed":true},"ip2":{"type":"string","description_kind":"plain","optional":true,"computed":true},"ip3":{"type":"string","description_kind":"plain","optional":true,"computed":true},"log_format":{"type":"string","description_kind":"plain","optional":true,"computed":true},"min":{"type":"number","description_kind":"plain","optional":true,"computed":true},"password":{"type":["set","string"],"description_kind":"plain","optional":true,"computed":true,"sensitive":true},"password2":{"type":["set","string"],"description_kind":"plain","optional":true,"computed":true},"password3":{"type":["set","string"],"description_kind":"plain","optional":true,"computed":true},"port":{"type":"number","description_kind":"plain","optional":true,"computed":true},"port2":{"type":"number","description_kind":"plain","optional":true,"computed":true},"port3":{"type":"number","description_kind":"plain","optional":true,"computed":true},"server_type":{"type":"string","description_kind":"plain","optional":true,"computed":true},"upload":{"type":"string","description_kind":"plain","optional":true,"computed":true},"upload_hour":{"type":"number","description_kind":"plain","optional":true,"computed":true},"upload_mode":{"type":"string","description_kind":"plain","optional":true,"computed":true},"upload_trigger":{"type":"string","description_kind":"plain","optional":true,"computed":true},"username":{"type":"string","description_kind":"plain","optional":true,"computed":true},"username2":{"type":"string","description_kind":"plain","optional":true,"computed":true},"username3":{"type":"string","description_kind":"plain","optional":true,"computed":true},"when":{"type":"string","description_kind":"plain","optional":true,"computed":true}},"description_kind":"plain"}},"fortimanager_system_log_settings_rollinglocal":{"version":0,"block":{"attributes":{"days":{"type":["set","string"],"description_kind":"plain","optional":true,"computed":true},"del_files":{"type":"string","description_kind":"plain","optional":true,"computed":true},"directory":{"type":"string","description_kind":"plain","optional":true,"computed":true},"file_size":{"type":"number","description_kind":"plain","optional":true,"computed":true},"gzip_format":{"type":"string","description_kind":"plain","optional":true,"computed":true},"hour":{"type":"number","description_kind":"plain","optional":true,"computed":true},"id":{"type":"string","description_kind":"plain","optional":true,"computed":true},"ip":{"type":"string","description_kind":"plain","optional":true,"computed":true},"ip2":{"type":"string","description_kind":"plain","optional":true,"computed":true},"ip3":{"type":"string","description_kind":"plain","optional":true,"computed":true},"log_format":{"type":"string","description_kind":"plain","optional":true,"computed":true},"min":{"type":"number","description_kind":"plain","optional":true,"computed":true},"password":{"type":["set","string"],"description_kind":"plain","optional":true,"computed":true,"sensitive":true},"password2":{"type":["set","string"],"description_kind":"plain","optional":true,"computed":true},"password3":{"type":["set","string"],"description_kind":"plain","optional":true,"computed":true},"port":{"type":"number","description_kind":"plain","optional":true,"computed":true},"port2":{"type":"number","description_kind":"plain","optional":true,"computed":true},"port3":{"type":"number","description_kind":"plain","optional":true,"computed":true},"server_type":{"type":"string","description_kind":"plain","optional":true,"computed":true},"upload":{"type":"string","description_kind":"plain","optional":true,"computed":true},"upload_hour":{"type":"number","description_kind":"plain","optional":true,"computed":true},"upload_mode":{"type":"string","description_kind":"plain","optional":true,"computed":true},"upload_trigger":{"type":"string","description_kind":"plain","optional":true,"computed":true},"username":{"type":"string","description_kind":"plain","optional":true,"computed":true},"username2":{"type":"string","description_kind":"plain","optional":true,"computed":true},"username3":{"type":"string","description_kind":"plain","optional":true,"computed":true},"when":{"type":"string","description_kind":"plain","optional":true,"computed":true}},"description_kind":"plain"}},"fortimanager_system_log_settings_rollingregular":{"version":0,"block":{"attributes":{"days":{"type":["set","string"],"description_kind":"plain","optional":true,"computed":true},"del_files":{"type":"string","description_kind":"plain","optional":true,"computed":true},"directory":{"type":"string","description_kind":"plain","optional":true,"computed":true},"file_size":{"type":"number","description_kind":"plain","optional":true,"computed":true},"gzip_format":{"type":"string","description_kind":"plain","optional":true,"computed":true},"hour":{"type":"number","description_kind":"plain","optional":true,"computed":true},"id":{"type":"string","description_kind":"plain","optional":true,"computed":true},"ip":{"type":"string","description_kind":"plain","optional":true,"computed":true},"ip2":{"type":"string","description_kind":"plain","optional":true,"computed":true},"ip3":{"type":"string","description_kind":"plain","optional":true,"computed":true},"log_format":{"type":"string","description_kind":"plain","optional":true,"computed":true},"min":{"type":"number","description_kind":"plain","optional":true,"computed":true},"password":{"type":["set","string"],"description_kind":"plain","optional":true,"computed":true},"password2":{"type":["set","string"],"description_kind":"plain","optional":true,"computed":true},"password3":{"type":["set","string"],"description_kind":"plain","optional":true,"computed":true},"port":{"type":"number","description_kind":"plain","optional":true,"computed":true},"port2":{"type":"number","description_kind":"plain","optional":true,"computed":true},"port3":{"type":"number","description_kind":"plain","optional":true,"computed":true},"server_type":{"type":"string","description_kind":"plain","optional":true,"computed":true},"upload":{"type":"string","description_kind":"plain","optional":true,"computed":true},"upload_hour":{"type":"number","description_kind":"plain","optional":true,"computed":true},"upload_mode":{"type":"string","description_kind":"plain","optional":true,"computed":true},"upload_trigger":{"type":"string","description_kind":"plain","optional":true,"computed":true},"username":{"type":"string","description_kind":"plain","optional":true,"computed":true},"username2":{"type":"string","description_kind":"plain","optional":true,"computed":true},"username3":{"type":"string","description_kind":"plain","optional":true,"computed":true},"when":{"type":"string","description_kind":"plain","optional":true,"computed":true}},"description_kind":"plain"}},"fortimanager_system_logfetch_clientprofile":{"version":0,"block":{"attributes":{"client_adom":{"type":"string","description_kind":"plain","optional":true,"computed":true},"data_range":{"type":"string","description_kind":"plain","optional":true,"computed":true},"data_range_value":{"type":"number","description_kind":"plain","optional":true,"computed":true},"dynamic_sort_subtable":{"type":"string","description_kind":"plain","optional":true},"end_time":{"type":["set","string"],"description_kind":"plain","optional":true,"computed":true},"fosid":{"type":"number","description_kind":"plain","optional":true,"computed":true},"id":{"type":"string","description_kind":"plain","optional":true,"computed":true},"index_fetch_logs":{"type":"string","description_kind":"plain","optional":true,"computed":true},"log_filter_logic":{"type":"string","description_kind":"plain","optional":true,"computed":true},"log_filter_status":{"type":"string","description_kind":"plain","optional":true,"computed":true},"name":{"type":"string","description_kind":"plain","optional":true,"computed":true},"password":{"type":["set","string"],"description_kind":"plain","optional":true,"computed":true,"sensitive":true},"secure_connection":{"type":"string","description_kind":"plain","optional":true,"computed":true},"server_adom":{"type":"string","description_kind":"plain","optional":true,"computed":true},"server_ip":{"type":"string","description_kind":"plain","optional":true,"computed":true},"start_time":{"type":["set","string"],"description_kind":"plain","optional":true,"computed":true},"sync_adom_config":{"type":"string","description_kind":"plain","optional":true,"computed":true},"user":{"type":"string","description_kind":"plain","optional":true,"computed":true}},"block_types":{"device_filter":{"nesting_mode":"list","block":{"attributes":{"adom":{"type":"string","description_kind":"plain","optional":true,"computed":true},"device":{"type":"string","description_kind":"plain","optional":true,"computed":true},"id":{"type":"number","description_kind":"plain","optional":true,"computed":true},"vdom":{"type":"string","description_kind":"plain","optional":true,"computed":true}},"description_kind":"plain"}},"log_filter":{"nesting_mode":"list","block":{"attributes":{"field":{"type":"string","description_kind":"plain","optional":true,"computed":true},"id":{"type":"number","description_kind":"plain","optional":true,"computed":true},"oper":{"type":"string","description_kind":"plain","optional":true,"computed":true},"value":{"type":"string","description_kind":"plain","optional":true,"computed":true}},"description_kind":"plain"}}},"description_kind":"plain"}},"fortimanager_system_logfetch_serversettings":{"version":0,"block":{"attributes":{"id":{"type":"string","description_kind":"plain","optional":true,"computed":true},"max_conn_per_session":{"type":"number","description_kind":"plain","optional":true,"computed":true},"max_sessions":{"type":"number","description_kind":"plain","optional":true,"computed":true},"session_timeout":{"type":"number","description_kind":"plain","optional":true,"computed":true}},"description_kind":"plain"}},"fortimanager_system_mail":{"version":0,"block":{"attributes":{"auth":{"type":"string","description_kind":"plain","optional":true,"computed":true},"auth_type":{"type":"string","description_kind":"plain","optional":true,"computed":true},"fosid":{"type":"string","description_kind":"plain","optional":true,"computed":true},"id":{"type":"string","description_kind":"plain","optional":true,"computed":true},"local_cert":{"type":"string","description_kind":"plain","optional":true,"computed":true},"passwd":{"type":["set","string"],"description_kind":"plain","optional":true,"computed":true,"sensitive":true},"port":{"type":"number","description_kind":"plain","optional":true,"computed":true},"secure_option":{"type":"string","description_kind":"plain","optional":true,"computed":true},"server":{"type":"string","description_kind":"plain","optional":true,"computed":true},"user":{"type":"string","description_kind":"plain","optional":true,"computed":true}},"description_kind":"plain"}},"fortimanager_system_metadata_admins":{"version":0,"block":{"attributes":{"fieldlength":{"type":"string","description_kind":"plain","optional":true,"computed":true},"fieldname":{"type":"string","description_kind":"plain","optional":true,"computed":true},"id":{"type":"string","description_kind":"plain","optional":true,"computed":true},"importance":{"type":"string","description_kind":"plain","optional":true,"computed":true},"status":{"type":"string","description_kind":"plain","optional":true,"computed":true}},"description_kind":"plain"}},"fortimanager_system_ntp":{"version":0,"block":{"attributes":{"dynamic_sort_subtable":{"type":"string","description_kind":"plain","optional":true},"id":{"type":"string","description_kind":"plain","optional":true,"computed":true},"status":{"type":"string","description_kind":"plain","optional":true,"computed":true},"sync_interval":{"type":"number","description_kind":"plain","optional":true,"computed":true}},"block_types":{"ntpserver":{"nesting_mode":"list","block":{"attributes":{"authentication":{"type":"string","description_kind":"plain","optional":true,"computed":true},"id":{"type":"number","description_kind":"plain","optional":true,"computed":true},"key":{"type":["set","string"],"description_kind":"plain","optional":true,"computed":true,"sensitive":true},"key_id":{"type":"number","description_kind":"plain","optional":true,"computed":true},"ntpv3":{"type":"string","description_kind":"plain","optional":true,"computed":true},"server":{"type":"string","description_kind":"plain","optional":true,"computed":true}},"description_kind":"plain"}}},"description_kind":"plain"}},"fortimanager_system_ntp_ntpserver":{"version":0,"block":{"attributes":{"authentication":{"type":"string","description_kind":"plain","optional":true,"computed":true},"fosid":{"type":"number","description_kind":"plain","optional":true,"computed":true},"id":{"type":"string","description_kind":"plain","optional":true,"computed":true},"key":{"type":["set","string"],"description_kind":"plain","optional":true,"computed":true,"sensitive":true},"key_id":{"type":"number","description_kind":"plain","optional":true,"computed":true},"ntpv3":{"type":"string","description_kind":"plain","optional":true,"computed":true},"server":{"type":"string","description_kind":"plain","optional":true,"computed":true}},"description_kind":"plain"}},"fortimanager_system_passwordpolicy":{"version":0,"block":{"attributes":{"change_4_characters":{"type":"string","description_kind":"plain","optional":true,"computed":true},"expire":{"type":"number","description_kind":"plain","optional":true,"computed":true},"id":{"type":"string","description_kind":"plain","optional":true,"computed":true},"minimum_length":{"type":"number","description_kind":"plain","optional":true,"computed":true},"must_contain":{"type":["set","string"],"description_kind":"plain","optional":true,"computed":true},"status":{"type":"string","description_kind":"plain","optional":true,"computed":true}},"description_kind":"plain"}},"fortimanager_system_report_autocache":{"version":0,"block":{"attributes":{"aggressive_schedule":{"type":"string","description_kind":"plain","optional":true,"computed":true},"id":{"type":"string","description_kind":"plain","optional":true,"computed":true},"order":{"type":"string","description_kind":"plain","optional":true,"computed":true},"status":{"type":"string","description_kind":"plain","optional":true,"computed":true}},"description_kind":"plain"}},"fortimanager_system_report_estbrowsetime":{"version":0,"block":{"attributes":{"id":{"type":"string","description_kind":"plain","optional":true,"computed":true},"max_read_time":{"type":"number","description_kind":"plain","optional":true,"computed":true},"status":{"type":"string","description_kind":"plain","optional":true,"computed":true}},"description_kind":"plain"}},"fortimanager_system_report_setting":{"version":0,"block":{"attributes":{"aggregate_report":{"type":"string","description_kind":"plain","optional":true,"computed":true},"capwap_port":{"type":"number","description_kind":"plain","optional":true,"computed":true},"capwap_service":{"type":"string","description_kind":"plain","optional":true,"computed":true},"exclude_capwap":{"type":"string","description_kind":"plain","optional":true,"computed":true},"hcache_lossless":{"type":"string","description_kind":"plain","optional":true,"computed":true},"id":{"type":"string","description_kind":"plain","optional":true,"computed":true},"ldap_cache_timeout":{"type":"number","description_kind":"plain","optional":true,"computed":true},"max_table_rows":{"type":"number","description_kind":"plain","optional":true,"computed":true},"report_priority":{"type":"string","description_kind":"plain","optional":true,"computed":true},"template_auto_install":{"type":"string","description_kind":"plain","optional":true,"computed":true},"week_start":{"type":"string","description_kind":"plain","optional":true,"computed":true}},"description_kind":"plain"}},"fortimanager_system_route":{"version":0,"block":{"attributes":{"device":{"type":"string","description_kind":"plain","optional":true,"computed":true},"dst":{"type":["list","string"],"description_kind":"plain","optional":true,"computed":true},"gateway":{"type":"string","description_kind":"plain","optional":true,"computed":true},"id":{"type":"string","description_kind":"plain","optional":true,"computed":true},"seq_num":{"type":"number","description_kind":"plain","optional":true,"computed":true}},"description_kind":"plain"}},"fortimanager_system_route6":{"version":0,"block":{"attributes":{"device":{"type":"string","description_kind":"plain","optional":true,"computed":true},"dst":{"type":["list","string"],"description_kind":"plain","optional":true,"computed":true},"gateway":{"type":"string","description_kind":"plain","optional":true,"computed":true},"id":{"type":"string","description_kind":"plain","optional":true,"computed":true},"prio":{"type":"number","description_kind":"plain","optional":true,"computed":true}},"description_kind":"plain"}},"fortimanager_system_saml":{"version":0,"block":{"attributes":{"acs_url":{"type":"string","description_kind":"plain","optional":true,"computed":true},"cert":{"type":"string","description_kind":"plain","optional":true,"computed":true},"default_profile":{"type":"string","description_kind":"plain","optional":true,"computed":true},"dynamic_sort_subtable":{"type":"string","description_kind":"plain","optional":true},"entity_id":{"type":"string","description_kind":"plain","optional":true,"computed":true},"forticloud_sso":{"type":"string","description_kind":"plain","optional":true,"computed":true},"id":{"type":"string","description_kind":"plain","optional":true,"computed":true},"idp_cert":{"type":"string","description_kind":"plain","optional":true,"computed":true},"idp_entity_id":{"type":"string","description_kind":"plain","optional":true,"computed":true},"idp_single_logout_url":{"type":"string","description_kind":"plain","optional":true,"computed":true},"idp_single_sign_on_url":{"type":"string","description_kind":"plain","optional":true,"computed":true},"login_auto_redirect":{"type":"string","description_kind":"plain","optional":true,"computed":true},"role":{"type":"string","description_kind":"plain","optional":true,"computed":true},"server_address":{"type":"string","description_kind":"plain","optional":true,"computed":true},"sls_url":{"type":"string","description_kind":"plain","optional":true,"computed":true},"status":{"type":"string","description_kind":"plain","optional":true,"computed":true}},"block_types":{"fabric_idp":{"nesting_mode":"list","block":{"attributes":{"dev_id":{"type":"string","description_kind":"plain","optional":true,"computed":true},"idp_cert":{"type":"string","description_kind":"plain","optional":true,"computed":true},"idp_entity_id":{"type":"string","description_kind":"plain","optional":true,"computed":true},"idp_single_logout_url":{"type":"string","description_kind":"plain","optional":true,"computed":true},"idp_single_sign_on_url":{"type":"string","description_kind":"plain","optional":true,"computed":true},"idp_status":{"type":"string","description_kind":"plain","optional":true,"computed":true}},"description_kind":"plain"}},"service_providers":{"nesting_mode":"list","block":{"attributes":{"idp_entity_id":{"type":"string","description_kind":"plain","optional":true,"computed":true},"idp_single_logout_url":{"type":"string","description_kind":"plain","optional":true,"computed":true},"idp_single_sign_on_url":{"type":"string","description_kind":"plain","optional":true,"computed":true},"name":{"type":"string","description_kind":"plain","optional":true,"computed":true},"prefix":{"type":"string","description_kind":"plain","optional":true,"computed":true},"sp_cert":{"type":"string","description_kind":"plain","optional":true,"computed":true},"sp_entity_id":{"type":"string","description_kind":"plain","optional":true,"computed":true},"sp_single_logout_url":{"type":"string","description_kind":"plain","optional":true,"computed":true},"sp_single_sign_on_url":{"type":"string","description_kind":"plain","optional":true,"computed":true}},"description_kind":"plain"}}},"description_kind":"plain"}},"fortimanager_system_saml_fabricidp":{"version":0,"block":{"attributes":{"dev_id":{"type":"string","description_kind":"plain","optional":true,"computed":true},"id":{"type":"string","description_kind":"plain","optional":true,"computed":true},"idp_cert":{"type":"string","description_kind":"plain","optional":true,"computed":true},"idp_entity_id":{"type":"string","description_kind":"plain","optional":true,"computed":true},"idp_single_logout_url":{"type":"string","description_kind":"plain","optional":true,"computed":true},"idp_single_sign_on_url":{"type":"string","description_kind":"plain","optional":true,"computed":true},"idp_status":{"type":"string","description_kind":"plain","optional":true,"computed":true}},"description_kind":"plain"}},"fortimanager_system_saml_serviceproviders":{"version":0,"block":{"attributes":{"id":{"type":"string","description_kind":"plain","optional":true,"computed":true},"idp_entity_id":{"type":"string","description_kind":"plain","optional":true,"computed":true},"idp_single_logout_url":{"type":"string","description_kind":"plain","optional":true,"computed":true},"idp_single_sign_on_url":{"type":"string","description_kind":"plain","optional":true,"computed":true},"name":{"type":"string","description_kind":"plain","optional":true,"computed":true},"prefix":{"type":"string","description_kind":"plain","optional":true,"computed":true},"sp_cert":{"type":"string","description_kind":"plain","optional":true,"computed":true},"sp_entity_id":{"type":"string","description_kind":"plain","optional":true,"computed":true},"sp_single_logout_url":{"type":"string","description_kind":"plain","optional":true,"computed":true},"sp_single_sign_on_url":{"type":"string","description_kind":"plain","optional":true,"computed":true}},"description_kind":"plain"}},"fortimanager_system_sniffer":{"version":0,"block":{"attributes":{"fosid":{"type":"number","description_kind":"plain","optional":true,"computed":true},"host":{"type":"string","description_kind":"plain","optional":true,"computed":true},"id":{"type":"string","description_kind":"plain","optional":true,"computed":true},"interface":{"type":"string","description_kind":"plain","optional":true,"computed":true},"ipv6":{"type":"string","description_kind":"plain","optional":true,"computed":true},"max_packet_count":{"type":"number","description_kind":"plain","optional":true,"computed":true},"non_ip":{"type":"string","description_kind":"plain","optional":true,"computed":true},"port":{"type":"string","description_kind":"plain","optional":true,"computed":true},"protocol":{"type":"string","description_kind":"plain","optional":true,"computed":true},"vlan":{"type":"string","description_kind":"plain","optional":true,"computed":true}},"description_kind":"plain"}},"fortimanager_system_snmp_community":{"version":0,"block":{"attributes":{"dynamic_sort_subtable":{"type":"string","description_kind":"plain","optional":true},"events":{"type":["set","string"],"description_kind":"plain","optional":true,"computed":true},"fosid":{"type":"number","description_kind":"plain","optional":true,"computed":true},"id":{"type":"string","description_kind":"plain","optional":true,"computed":true},"name":{"type":"string","description_kind":"plain","optional":true,"computed":true},"query_v1_port":{"type":"number","description_kind":"plain","optional":true,"computed":true},"query_v1_status":{"type":"string","description_kind":"plain","optional":true,"computed":true},"query_v2c_port":{"type":"number","description_kind":"plain","optional":true,"computed":true},"query_v2c_status":{"type":"string","description_kind":"plain","optional":true,"computed":true},"status":{"type":"string","description_kind":"plain","optional":true,"computed":true},"trap_v1_rport":{"type":"number","description_kind":"plain","optional":true,"computed":true},"trap_v1_status":{"type":"string","description_kind":"plain","optional":true,"computed":true},"trap_v2c_rport":{"type":"number","description_kind":"plain","optional":true,"computed":true},"trap_v2c_status":{"type":"string","description_kind":"plain","optional":true,"computed":true}},"block_types":{"hosts":{"nesting_mode":"list","block":{"attributes":{"id":{"type":"number","description_kind":"plain","optional":true,"computed":true},"interface":{"type":"string","description_kind":"plain","optional":true,"computed":true},"ip":{"type":"string","description_kind":"plain","optional":true,"computed":true}},"description_kind":"plain"}},"hosts6":{"nesting_mode":"list","block":{"attributes":{"id":{"type":"number","description_kind":"plain","optional":true,"computed":true},"interface":{"type":"string","description_kind":"plain","optional":true,"computed":true},"ip":{"type":"string","description_kind":"plain","optional":true,"computed":true}},"description_kind":"plain"}}},"description_kind":"plain"}},"fortimanager_system_snmp_sysinfo":{"version":0,"block":{"attributes":{"contact_info":{"type":"string","description_kind":"plain","optional":true,"computed":true},"description":{"type":"string","description_kind":"plain","optional":true,"computed":true},"engine_id":{"type":"string","description_kind":"plain","optional":true,"computed":true},"id":{"type":"string","description_kind":"plain","optional":true,"computed":true},"location":{"type":"string","description_kind":"plain","optional":true,"computed":true},"status":{"type":"string","description_kind":"plain","optional":true,"computed":true},"trap_cpu_high_exclude_nice_threshold":{"type":"number","description_kind":"plain","optional":true,"computed":true},"trap_high_cpu_threshold":{"type":"number","description_kind":"plain","optional":true,"computed":true},"trap_low_memory_threshold":{"type":"number","description_kind":"plain","optional":true,"computed":true}},"description_kind":"plain"}},"fortimanager_system_snmp_user":{"version":0,"block":{"attributes":{"auth_proto":{"type":"string","description_kind":"plain","optional":true,"computed":true},"auth_pwd":{"type":["set","string"],"description_kind":"plain","optional":true,"computed":true,"sensitive":true},"events":{"type":["set","string"],"description_kind":"plain","optional":true,"computed":true},"id":{"type":"string","description_kind":"plain","optional":true,"computed":true},"name":{"type":"string","description_kind":"plain","optional":true,"computed":true},"notify_hosts":{"type":"string","description_kind":"plain","optional":true,"computed":true},"notify_hosts6":{"type":"string","description_kind":"plain","optional":true,"computed":true},"priv_proto":{"type":"string","description_kind":"plain","optional":true,"computed":true},"priv_pwd":{"type":["set","string"],"description_kind":"plain","optional":true,"computed":true,"sensitive":true},"queries":{"type":"string","description_kind":"plain","optional":true,"computed":true},"query_port":{"type":"number","description_kind":"plain","optional":true,"computed":true},"security_level":{"type":"string","description_kind":"plain","optional":true,"computed":true}},"description_kind":"plain"}},"fortimanager_system_socfabric":{"version":0,"block":{"attributes":{"id":{"type":"string","description_kind":"plain","optional":true,"computed":true},"name":{"type":"string","description_kind":"plain","optional":true,"computed":true},"port":{"type":"number","description_kind":"plain","optional":true,"computed":true},"psk":{"type":["set","string"],"description_kind":"plain","optional":true,"computed":true},"role":{"type":"string","description_kind":"plain","optional":true,"computed":true},"secure_connection":{"type":"string","description_kind":"plain","optional":true,"computed":true},"status":{"type":"string","description_kind":"plain","optional":true,"computed":true},"supervisor":{"type":"string","description_kind":"plain","optional":true,"computed":true}},"description_kind":"plain"}},"fortimanager_system_sql":{"version":0,"block":{"attributes":{"background_rebuild":{"type":"string","description_kind":"plain","optional":true,"computed":true},"compress_table_min_age":{"type":"number","description_kind":"plain","optional":true,"computed":true},"database_name":{"type":"string","description_kind":"plain","optional":true,"computed":true},"database_type":{"type":"string","description_kind":"plain","optional":true,"computed":true},"device_count_high":{"type":"string","description_kind":"plain","optional":true,"computed":true},"dynamic_sort_subtable":{"type":"string","description_kind":"plain","optional":true},"event_table_partition_time":{"type":"number","description_kind":"plain","optional":true,"computed":true},"fct_table_partition_time":{"type":"number","description_kind":"plain","optional":true,"computed":true},"id":{"type":"string","description_kind":"plain","optional":true,"computed":true},"logtype":{"type":["set","string"],"description_kind":"plain","optional":true,"computed":true},"password":{"type":["set","string"],"description_kind":"plain","optional":true,"computed":true,"sensitive":true},"prompt_sql_upgrade":{"type":"string","description_kind":"plain","optional":true,"computed":true},"rebuild_event":{"type":"string","description_kind":"plain","optional":true,"computed":true},"rebuild_event_start_time":{"type":["set","string"],"description_kind":"plain","optional":true,"computed":true},"server":{"type":"string","description_kind":"plain","optional":true,"computed":true},"start_time":{"type":["set","string"],"description_kind":"plain","optional":true,"computed":true},"status":{"type":"string","description_kind":"plain","optional":true,"computed":true},"text_search_index":{"type":"string","description_kind":"plain","optional":true,"computed":true},"traffic_table_partition_time":{"type":"number","description_kind":"plain","optional":true,"computed":true},"username":{"type":"string","description_kind":"plain","optional":true,"computed":true},"utm_table_partition_time":{"type":"number","description_kind":"plain","optional":true,"computed":true}},"block_types":{"custom_index":{"nesting_mode":"list","block":{"attributes":{"case_sensitive":{"type":"string","description_kind":"plain","optional":true,"computed":true},"device_type":{"type":"string","description_kind":"plain","optional":true,"computed":true},"id":{"type":"number","description_kind":"plain","optional":true,"computed":true},"index_field":{"type":"string","description_kind":"plain","optional":true,"computed":true},"log_type":{"type":"string","description_kind":"plain","optional":true,"computed":true}},"description_kind":"plain"}},"custom_skipidx":{"nesting_mode":"list","block":{"attributes":{"device_type":{"type":"string","description_kind":"plain","optional":true,"computed":true},"id":{"type":"number","description_kind":"plain","optional":true,"computed":true},"index_field":{"type":"string","description_kind":"plain","optional":true,"computed":true},"log_type":{"type":"string","description_kind":"plain","optional":true,"computed":true}},"description_kind":"plain"}},"ts_index_field":{"nesting_mode":"list","block":{"attributes":{"category":{"type":"string","description_kind":"plain","optional":true,"computed":true},"value":{"type":"string","description_kind":"plain","optional":true,"computed":true}},"description_kind":"plain"}}},"description_kind":"plain"}},"fortimanager_system_sql_customindex":{"version":0,"block":{"attributes":{"case_sensitive":{"type":"string","description_kind":"plain","optional":true,"computed":true},"device_type":{"type":"string","description_kind":"plain","optional":true,"computed":true},"fosid":{"type":"number","description_kind":"plain","optional":true,"computed":true},"id":{"type":"string","description_kind":"plain","optional":true,"computed":true},"index_field":{"type":"string","description_kind":"plain","optional":true,"computed":true},"log_type":{"type":"string","description_kind":"plain","optional":true,"computed":true}},"description_kind":"plain"}},"fortimanager_system_sql_customskipidx":{"version":0,"block":{"attributes":{"device_type":{"type":"string","description_kind":"plain","optional":true,"computed":true},"fosid":{"type":"number","description_kind":"plain","optional":true,"computed":true},"id":{"type":"string","description_kind":"plain","optional":true,"computed":true},"index_field":{"type":"string","description_kind":"plain","optional":true,"computed":true},"log_type":{"type":"string","description_kind":"plain","optional":true,"computed":true}},"description_kind":"plain"}},"fortimanager_system_sql_tsindexfield":{"version":0,"block":{"attributes":{"category":{"type":"string","description_kind":"plain","optional":true,"computed":true},"id":{"type":"string","description_kind":"plain","optional":true,"computed":true},"value":{"type":"string","description_kind":"plain","optional":true,"computed":true}},"description_kind":"plain"}},"fortimanager_system_syslog":{"version":0,"block":{"attributes":{"id":{"type":"string","description_kind":"plain","optional":true,"computed":true},"ip":{"type":"string","description_kind":"plain","optional":true,"computed":true},"name":{"type":"string","description_kind":"plain","optional":true,"computed":true},"port":{"type":"number","description_kind":"plain","optional":true,"computed":true}},"description_kind":"plain"}},"fortimanager_system_workflow_approvalmatrix":{"version":0,"block":{"attributes":{"adom_name":{"type":"string","description_kind":"plain","optional":true,"computed":true},"dynamic_sort_subtable":{"type":"string","description_kind":"plain","optional":true},"id":{"type":"string","description_kind":"plain","optional":true,"computed":true},"mail_server":{"type":"string","description_kind":"plain","optional":true,"computed":true},"notify":{"type":"string","description_kind":"plain","optional":true,"computed":true}},"block_types":{"approver":{"nesting_mode":"list","block":{"attributes":{"member":{"type":"string","description_kind":"plain","optional":true,"computed":true},"seq_num":{"type":"number","description_kind":"plain","optional":true,"computed":true}},"description_kind":"plain"}}},"description_kind":"plain"}}}}}}
