{"format_version":"0.2","provider_schemas":{"registry.terraform.io/g-core/gcorelabs":{"provider":{"version":0,"block":{"attributes":{"gcore_api":{"type":"string","description":"Region API","description_kind":"plain","optional":true},"gcore_cdn_api":{"type":"string","description":"CDN API","description_kind":"plain","optional":true},"gcore_client_id":{"type":"string","description":"Client id","description_kind":"plain","optional":true},"gcore_dns_api":{"type":"string","description":"DNS API","description_kind":"plain","optional":true},"gcore_platform":{"type":"string","description":"Platform ulr is used for generate jwt","description_kind":"plain","optional":true},"gcore_storage_api":{"type":"string","description":"Storage API","description_kind":"plain","optional":true},"ignore_creds_auth_error":{"type":"bool","description":"Should be set to true when you are gonna to use storage resource with permanent API-token only.","description_kind":"plain","optional":true},"password":{"type":"string","description_kind":"plain","optional":true},"permanent_api_token":{"type":"string","description":"A permanent API-token. Implemented for Storage Terraform Resource only. https://support.gcorelabs.com/hc/en-us/articles/360018625617-API-tokens","description_kind":"plain","optional":true,"sensitive":true},"user_name":{"type":"string","description_kind":"plain","optional":true}},"description_kind":"plain"}},"resource_schemas":{"gcore_baremetal":{"version":0,"block":{"attributes":{"addresses":{"type":["list",["object",{"net":["list",["object",{"addr":"string","type":"string"}]]}]],"description_kind":"plain","computed":true},"app_config":{"type":["map","string"],"description_kind":"plain","optional":true},"apptemplate_id":{"type":"string","description_kind":"plain","optional":true},"flavor":{"type":["map","string"],"description_kind":"plain","computed":true},"flavor_id":{"type":"string","description_kind":"plain","required":true},"id":{"type":"string","description_kind":"plain","optional":true,"computed":true},"image_id":{"type":"string","description_kind":"plain","optional":true},"keypair_name":{"type":"string","description_kind":"plain","optional":true},"last_updated":{"type":"string","description_kind":"plain","optional":true,"computed":true},"name":{"type":"string","description_kind":"plain","required":true},"name_templates":{"type":"string","description_kind":"plain","optional":true},"password":{"type":"string","description_kind":"plain","optional":true},"project_id":{"type":"number","description_kind":"plain","optional":true},"project_name":{"type":"string","description_kind":"plain","optional":true},"region_id":{"type":"number","description_kind":"plain","optional":true},"region_name":{"type":"string","description_kind":"plain","optional":true},"status":{"type":"string","description_kind":"plain","computed":true},"user_data":{"type":"string","description_kind":"plain","optional":true},"username":{"type":"string","description_kind":"plain","optional":true},"vm_state":{"type":"string","description_kind":"plain","computed":true}},"block_types":{"interface":{"nesting_mode":"set","block":{"attributes":{"existing_fip_id":{"type":"string","description_kind":"plain","optional":true},"fip_source":{"type":"string","description_kind":"plain","optional":true},"ip_address":{"type":"string","description_kind":"plain","computed":true},"network_id":{"type":"string","description":"required if type is 'subnet' or 'any_subnet'","description_kind":"plain","optional":true,"computed":true},"port_id":{"type":"string","description_kind":"plain","computed":true},"subnet_id":{"type":"string","description":"required if type is 'subnet'","description_kind":"plain","optional":true,"computed":true},"type":{"type":"string","description":"Avalilable value is 'subnet', 'external'","description_kind":"plain","required":true}},"description_kind":"plain"}},"metadata":{"nesting_mode":"list","block":{"attributes":{"key":{"type":"string","description_kind":"plain","required":true},"value":{"type":"string","description_kind":"plain","required":true}},"description_kind":"plain"}},"timeouts":{"nesting_mode":"single","block":{"attributes":{"create":{"type":"string","description_kind":"plain","optional":true}},"description_kind":"plain"}}},"description":"Represent baremetal instance","description_kind":"plain"}},"gcore_cdn_origingroup":{"version":0,"block":{"attributes":{"id":{"type":"string","description_kind":"plain","optional":true,"computed":true},"name":{"type":"string","description":"Name of the origin group","description_kind":"plain","required":true},"use_next":{"type":"bool","description":"This options have two possible values: true — The option is active. In case the origin responds with 4XX or 5XX codes, use the next origin from the list. false — The option is disabled.","description_kind":"plain","required":true}},"block_types":{"origin":{"nesting_mode":"set","block":{"attributes":{"backup":{"type":"bool","description":"true — The option is active. The origin will not be used until one of active origins become unavailable. false — The option is disabled.","description_kind":"plain","optional":true,"computed":true},"enabled":{"type":"bool","description":"The setting allows to enable or disable an Origin source in the Origins group","description_kind":"plain","optional":true,"computed":true},"id":{"type":"number","description_kind":"plain","computed":true},"source":{"type":"string","description":"IP address or Domain name of your origin and the port if custom","description_kind":"plain","required":true}},"description":"Contains information about all IP address or Domain names of your origin and the port if custom","description_kind":"plain"},"min_items":1}},"description":"Represent origin group","description_kind":"plain"}},"gcore_cdn_resource":{"version":0,"block":{"attributes":{"active":{"type":"bool","description":"The setting allows to enable or disable a CDN Resource","description_kind":"plain","optional":true,"computed":true},"cname":{"type":"string","description":"A CNAME that will be used to deliver content though a CDN","description_kind":"plain","required":true},"id":{"type":"string","description_kind":"plain","optional":true,"computed":true},"origin":{"type":"string","description":"A domain name or IP of your origin source. Specify a port if custom. You can use either 'origin' parameter or 'originGroup' in the resource definition.","description_kind":"plain","optional":true,"computed":true},"origin_group":{"type":"number","description":"ID of the Origins Group. Use one of your Origins Group or create a new one. You can use either 'origin' parameter or 'originGroup' in the resource definition.","description_kind":"plain","optional":true,"computed":true},"origin_protocol":{"type":"string","description":"This option defines the protocol that will be used by CDN servers to request content from an origin source. If not specified, we will use HTTP to connect to an origin server. Possible values are: HTTPS, HTTP, MATCH.","description_kind":"plain","optional":true,"computed":true},"secondary_hostnames":{"type":["set","string"],"description":"List of additional CNAMEs.","description_kind":"plain","optional":true},"ssl_data":{"type":"number","description":"Specify the SSL Certificate ID which should be used for the CDN Resource.","description_kind":"plain","optional":true},"ssl_enabled":{"type":"bool","description":"Use HTTPS protocol for content delivery.","description_kind":"plain","optional":true},"status":{"type":"string","description":"Status of a CDN resource content availability. Possible values are: Active, Suspended, Processed.","description_kind":"plain","computed":true}},"block_types":{"options":{"nesting_mode":"list","block":{"block_types":{"edge_cache_settings":{"nesting_mode":"list","block":{"attributes":{"custom_values":{"type":["map","string"],"description":"Caching time for a response with specific codes. These settings have a higher priority than the value field. Response code ('304', '404' for example). Use 'any' to specify caching time for all response codes. Caching time in seconds ('0s', '600s' for example). Use '0s' to disable caching for a specific response code.","description_kind":"plain","optional":true},"default":{"type":"string","description":"Content will be cached according to origin cache settings. The value applies for a response with codes 200, 201, 204, 206, 301, 302, 303, 304, 307, 308 if an origin server does not have caching HTTP headers. Responses with other codes will not be cached.","description_kind":"plain","optional":true},"enabled":{"type":"bool","description_kind":"plain","required":true},"value":{"type":"string","description":"Caching time for a response with codes 200, 206, 301, 302. Responses with codes 4xx, 5xx will not be cached. Use '0s' disable to caching. Use custom_values field to specify a custom caching time for a response with specific codes.","description_kind":"plain","optional":true}},"description":"The cache expiration time for CDN servers.","description_kind":"plain"},"max_items":1},"host_header":{"nesting_mode":"list","block":{"attributes":{"enabled":{"type":"bool","description_kind":"plain","required":true},"value":{"type":"string","description_kind":"plain","required":true}},"description":"Specify the Host header that CDN servers use when request content from an origin server. Your server must be able to process requests with the chosen header. If the option is in NULL state Host Header value is taken from the CNAME field.","description_kind":"plain"},"max_items":1}},"description":"Each option in CDN resource settings. Each option added to CDN resource settings should have the following mandatory request fields: enabled, value.","description_kind":"plain"},"max_items":1}},"description":"Represent cdn resource","description_kind":"plain"}},"gcore_cdn_rule":{"version":0,"block":{"attributes":{"id":{"type":"string","description_kind":"plain","optional":true,"computed":true},"name":{"type":"string","description":"Rule name","description_kind":"plain","required":true},"resource_id":{"type":"number","description_kind":"plain","required":true},"rule":{"type":"string","description":"A pattern that defines when the rule is triggered. By default, we add a leading forward slash to any rule pattern. Specify a pattern without a forward slash.","description_kind":"plain","required":true},"rule_type":{"type":"number","description":"Type of rule. The rule is applied if the requested URI matches the rule pattern. It has two possible values: Type 0 — RegEx. Must start with '^/' or '/'. Type 1 — RegEx. Legacy type. Note that for this rule type we automatically add / to each rule pattern before your regular expression. Please use Type 0.","description_kind":"plain","required":true}},"block_types":{"options":{"nesting_mode":"list","block":{"block_types":{"edge_cache_settings":{"nesting_mode":"list","block":{"attributes":{"custom_values":{"type":["map","string"],"description":"Caching time for a response with specific codes. These settings have a higher priority than the value field. Response code ('304', '404' for example). Use 'any' to specify caching time for all response codes. Caching time in seconds ('0s', '600s' for example). Use '0s' to disable caching for a specific response code.","description_kind":"plain","optional":true},"default":{"type":"string","description":"Content will be cached according to origin cache settings. The value applies for a response with codes 200, 201, 204, 206, 301, 302, 303, 304, 307, 308 if an origin server does not have caching HTTP headers. Responses with other codes will not be cached.","description_kind":"plain","optional":true},"enabled":{"type":"bool","description_kind":"plain","required":true},"value":{"type":"string","description":"Caching time for a response with codes 200, 206, 301, 302. Responses with codes 4xx, 5xx will not be cached. Use '0s' disable to caching. Use custom_values field to specify a custom caching time for a response with specific codes.","description_kind":"plain","optional":true}},"description":"The cache expiration time for CDN servers.","description_kind":"plain"},"max_items":1},"host_header":{"nesting_mode":"list","block":{"attributes":{"enabled":{"type":"bool","description_kind":"plain","required":true},"value":{"type":"string","description_kind":"plain","required":true}},"description":"Specify the Host header that CDN servers use when request content from an origin server. Your server must be able to process requests with the chosen header. If the option is in NULL state Host Header value is taken from the CNAME field.","description_kind":"plain"},"max_items":1}},"description":"Each option in CDN resource settings. Each option added to CDN resource settings should have the following mandatory request fields: enabled, value.","description_kind":"plain"},"max_items":1}},"description":"Represent cdn resource rule","description_kind":"plain"}},"gcore_cdn_sslcert":{"version":0,"block":{"attributes":{"automated":{"type":"bool","description":"The way SSL certificate was issued.","description_kind":"plain","computed":true},"cert":{"type":"string","description":"The public part of the SSL certificate. All chain of the SSL certificate should be added.","description_kind":"plain","required":true,"sensitive":true},"has_related_resources":{"type":"bool","description":"It shows if the SSL certificate is used by a CDN resource.","description_kind":"plain","computed":true},"id":{"type":"string","description_kind":"plain","optional":true,"computed":true},"name":{"type":"string","description":"Name of the SSL certificate. Must be unique.","description_kind":"plain","required":true},"private_key":{"type":"string","description":"The private key of the SSL certificate.","description_kind":"plain","required":true,"sensitive":true}},"description_kind":"plain"}},"gcore_dns_zone":{"version":0,"block":{"attributes":{"id":{"type":"string","description_kind":"plain","optional":true,"computed":true},"name":{"type":"string","description":"A name of DNS Zone resource.","description_kind":"plain","required":true}},"description":"Represent DNS zone resource. https://dns.gcorelabs.com/zones","description_kind":"plain"}},"gcore_dns_zone_record":{"version":0,"block":{"attributes":{"domain":{"type":"string","description":"A domain of DNS Zone Record resource.","description_kind":"plain","required":true},"id":{"type":"string","description_kind":"plain","optional":true,"computed":true},"ttl":{"type":"number","description":"A ttl of DNS Zone Record resource.","description_kind":"plain","optional":true},"type":{"type":"string","description":"A type of DNS Zone Record resource.","description_kind":"plain","required":true},"zone":{"type":"string","description":"A zone of DNS Zone Record resource.","description_kind":"plain","required":true}},"block_types":{"filter":{"nesting_mode":"set","block":{"attributes":{"limit":{"type":"number","description":"A DNS Zone Record filter option that describe how many records will be percolated.","description_kind":"plain","optional":true},"strict":{"type":"bool","description":"A DNS Zone Record filter option that describe possibility to return answers if no records were percolated through filter.","description_kind":"plain","optional":true},"type":{"type":"string","description":"A DNS Zone Record filter option that describe a name of filter.","description_kind":"plain","required":true}},"description_kind":"plain"}},"resource_record":{"nesting_mode":"set","block":{"attributes":{"content":{"type":"string","description":"A content of DNS Zone Record resource.","description_kind":"plain","required":true},"enabled":{"type":"bool","description":"Manage of public appearing of DNS Zone Record resource.","description_kind":"plain","optional":true}},"block_types":{"meta":{"nesting_mode":"set","block":{"attributes":{"asn":{"type":["list","number"],"description":"An asn meta (e.g. 12345) of DNS Zone Record resource.","description_kind":"plain","optional":true},"continents":{"type":["list","string"],"description":"Continents meta (e.g. Asia) of DNS Zone Record resource.","description_kind":"plain","optional":true},"countries":{"type":["list","string"],"description":"Countries meta (e.g. USA) of DNS Zone Record resource.","description_kind":"plain","optional":true},"default":{"type":"bool","description":"Fallback meta equals true marks records which are used as a default answer (when nothing was selected by specified meta fields).","description_kind":"plain","optional":true},"ip":{"type":["list","string"],"description":"An ip meta (e.g. 127.0.0.0) of DNS Zone Record resource.","description_kind":"plain","optional":true},"latlong":{"type":["list","number"],"description":"A latlong meta (e.g. 27.988056, 86.925278) of DNS Zone Record resource.","description_kind":"plain","optional":true},"notes":{"type":["list","string"],"description":"A notes meta (e.g. Miami DC) of DNS Zone Record resource.","description_kind":"plain","optional":true}},"description_kind":"plain"},"max_items":1}},"description":"An array of contents with meta of DNS Zone Record resource.","description_kind":"plain"},"min_items":1}},"description":"Represent DNS Zone Record resource. https://dns.gcorelabs.com/zones","description_kind":"plain"}},"gcore_floatingip":{"version":0,"block":{"attributes":{"created_at":{"type":"string","description_kind":"plain","computed":true},"fixed_ip_address":{"type":"string","description_kind":"plain","optional":true},"floating_ip_address":{"type":"string","description_kind":"plain","computed":true},"id":{"type":"string","description_kind":"plain","optional":true,"computed":true},"last_updated":{"type":"string","description_kind":"plain","optional":true,"computed":true},"port_id":{"type":"string","description_kind":"plain","optional":true},"project_id":{"type":"number","description_kind":"plain","optional":true},"project_name":{"type":"string","description_kind":"plain","optional":true},"region_id":{"type":"number","description_kind":"plain","optional":true},"region_name":{"type":"string","description_kind":"plain","optional":true},"router_id":{"type":"string","description_kind":"plain","computed":true},"status":{"type":"string","description_kind":"plain","computed":true},"updated_at":{"type":"string","description_kind":"plain","computed":true}},"description":"A floating IP is a static IP address that points to one of your Instances. It allows you to redirect network traffic to any of your Instances in the same datacenter.","description_kind":"plain"}},"gcore_instance":{"version":0,"block":{"attributes":{"allow_app_ports":{"type":"bool","description_kind":"plain","optional":true},"flavor":{"type":["map","string"],"description_kind":"plain","optional":true,"computed":true},"flavor_id":{"type":"string","description_kind":"plain","required":true},"id":{"type":"string","description_kind":"plain","optional":true,"computed":true},"keypair_name":{"type":"string","description_kind":"plain","optional":true},"last_updated":{"type":"string","description_kind":"plain","optional":true,"computed":true},"name":{"type":"string","description_kind":"plain","optional":true},"name_templates":{"type":["list","string"],"description_kind":"plain","optional":true},"password":{"type":"string","description_kind":"plain","optional":true},"project_id":{"type":"number","description_kind":"plain","optional":true},"project_name":{"type":"string","description_kind":"plain","optional":true},"region_id":{"type":"number","description_kind":"plain","optional":true},"region_name":{"type":"string","description_kind":"plain","optional":true},"server_group":{"type":"string","description_kind":"plain","optional":true},"status":{"type":"string","description_kind":"plain","optional":true,"computed":true},"userdata":{"type":"string","description_kind":"plain","optional":true},"username":{"type":"string","description_kind":"plain","optional":true},"vm_state":{"type":"string","description":"Current vm state, use stopped to stop vm and active to start","description_kind":"plain","optional":true,"computed":true}},"block_types":{"addresses":{"nesting_mode":"list","block":{"block_types":{"net":{"nesting_mode":"list","block":{"attributes":{"addr":{"type":"string","description_kind":"plain","required":true},"type":{"type":"string","description_kind":"plain","required":true}},"description_kind":"plain"},"min_items":1}},"description_kind":"plain"}},"configuration":{"nesting_mode":"list","block":{"attributes":{"key":{"type":"string","description_kind":"plain","required":true},"value":{"type":"string","description_kind":"plain","required":true}},"description_kind":"plain"}},"interface":{"nesting_mode":"set","block":{"attributes":{"existing_fip_id":{"type":"string","description_kind":"plain","optional":true},"fip_source":{"type":"string","description_kind":"plain","optional":true},"ip_address":{"type":"string","description_kind":"plain","optional":true,"computed":true},"network_id":{"type":"string","description":"required if type is 'subnet' or 'any_subnet'","description_kind":"plain","optional":true},"order":{"type":"number","description":"Order of attaching interface","description_kind":"plain","optional":true},"port_id":{"type":"string","description":"required if type is  'reserved_fixed_ip'","description_kind":"plain","optional":true,"computed":true},"subnet_id":{"type":"string","description":"required if type is 'subnet'","description_kind":"plain","optional":true,"computed":true},"type":{"type":"string","description":"Avalilable value is 'subnet', 'any_subnet', 'external', 'reserved_fixed_ip'","description_kind":"plain","optional":true}},"description_kind":"plain"},"min_items":1},"metadata":{"nesting_mode":"list","block":{"attributes":{"key":{"type":"string","description_kind":"plain","required":true},"value":{"type":"string","description_kind":"plain","required":true}},"description_kind":"plain"}},"security_group":{"nesting_mode":"list","block":{"attributes":{"id":{"type":"string","description":"Firewall unique id","description_kind":"plain","required":true},"name":{"type":"string","description_kind":"plain","required":true}},"description":"Firewalls list","description_kind":"plain"}},"volume":{"nesting_mode":"set","block":{"attributes":{"attachment_tag":{"type":"string","description_kind":"plain","optional":true},"boot_index":{"type":"number","description":"If boot_index==0 volumes can not detached","description_kind":"plain","optional":true},"delete_on_termination":{"type":"bool","description_kind":"plain","optional":true,"computed":true},"id":{"type":"string","description_kind":"plain","optional":true,"computed":true},"image_id":{"type":"string","description_kind":"plain","optional":true},"name":{"type":"string","description_kind":"plain","optional":true},"size":{"type":"number","description_kind":"plain","optional":true,"computed":true},"source":{"type":"string","description":"Currently available only 'existing-volume' value","description_kind":"plain","required":true},"type_name":{"type":"string","description_kind":"plain","optional":true},"volume_id":{"type":"string","description_kind":"plain","optional":true}},"description_kind":"plain"},"min_items":1}},"description":"Represent instance","description_kind":"plain"}},"gcore_k8s":{"version":0,"block":{"attributes":{"api_address":{"type":"string","description_kind":"plain","computed":true},"auto_healing_enabled":{"type":"bool","description_kind":"plain","optional":true},"cluster_template_id":{"type":"string","description_kind":"plain","computed":true},"container_version":{"type":"string","description_kind":"plain","computed":true},"created_at":{"type":"string","description_kind":"plain","computed":true},"discovery_url":{"type":"string","description_kind":"plain","computed":true},"faults":{"type":["map","string"],"description_kind":"plain","computed":true},"fixed_network":{"type":"string","description_kind":"plain","required":true},"fixed_subnet":{"type":"string","description":"Subnet should has router","description_kind":"plain","required":true},"health_status":{"type":"string","description_kind":"plain","computed":true},"health_status_reason":{"type":["map","string"],"description_kind":"plain","computed":true},"id":{"type":"string","description_kind":"plain","optional":true,"computed":true},"keypair":{"type":"string","description_kind":"plain","optional":true},"last_updated":{"type":"string","description_kind":"plain","optional":true,"computed":true},"master_addresses":{"type":["list","string"],"description_kind":"plain","computed":true},"master_flavor_id":{"type":"string","description_kind":"plain","computed":true},"master_lb_floating_ip_enabled":{"type":"bool","description_kind":"plain","optional":true},"name":{"type":"string","description_kind":"plain","required":true},"node_addresses":{"type":["list","string"],"description_kind":"plain","computed":true},"node_count":{"type":"number","description_kind":"plain","computed":true},"pods_ip_pool":{"type":"string","description_kind":"plain","optional":true},"project_id":{"type":"number","description_kind":"plain","optional":true},"project_name":{"type":"string","description_kind":"plain","optional":true},"region_id":{"type":"number","description_kind":"plain","optional":true},"region_name":{"type":"string","description_kind":"plain","optional":true},"services_ip_pool":{"type":"string","description_kind":"plain","optional":true},"status":{"type":"string","description_kind":"plain","computed":true},"status_reason":{"type":"string","description_kind":"plain","computed":true},"updated_at":{"type":"string","description_kind":"plain","computed":true},"user_id":{"type":"string","description_kind":"plain","computed":true},"version":{"type":"string","description_kind":"plain","computed":true}},"block_types":{"pool":{"nesting_mode":"list","block":{"attributes":{"created_at":{"type":"string","description_kind":"plain","computed":true},"docker_volume_size":{"type":"number","description_kind":"plain","optional":true},"docker_volume_type":{"type":"string","description":"Available value is 'standard', 'ssd_hiiops', 'cold', 'ultra'.","description_kind":"plain","optional":true,"computed":true},"flavor_id":{"type":"string","description_kind":"plain","required":true},"max_node_count":{"type":"number","description_kind":"plain","required":true},"min_node_count":{"type":"number","description_kind":"plain","required":true},"name":{"type":"string","description_kind":"plain","required":true},"node_count":{"type":"number","description_kind":"plain","required":true},"stack_id":{"type":"string","description_kind":"plain","computed":true},"uuid":{"type":"string","description_kind":"plain","computed":true}},"description_kind":"plain"},"min_items":1,"max_items":1},"timeouts":{"nesting_mode":"single","block":{"attributes":{"create":{"type":"string","description_kind":"plain","optional":true},"update":{"type":"string","description_kind":"plain","optional":true}},"description_kind":"plain"}}},"description":"Represent k8s cluster with one default pool.","description_kind":"plain"}},"gcore_k8s_pool":{"version":0,"block":{"attributes":{"cluster_id":{"type":"string","description_kind":"plain","required":true},"created_at":{"type":"string","description_kind":"plain","computed":true},"docker_volume_size":{"type":"number","description_kind":"plain","optional":true},"docker_volume_type":{"type":"string","description":"Available value is 'standard', 'ssd_hiiops', 'cold', 'ultra'.","description_kind":"plain","optional":true,"computed":true},"flavor_id":{"type":"string","description_kind":"plain","required":true},"id":{"type":"string","description_kind":"plain","optional":true,"computed":true},"last_updated":{"type":"string","description_kind":"plain","optional":true,"computed":true},"max_node_count":{"type":"number","description_kind":"plain","required":true},"min_node_count":{"type":"number","description_kind":"plain","required":true},"name":{"type":"string","description_kind":"plain","required":true},"node_count":{"type":"number","description_kind":"plain","required":true},"project_id":{"type":"number","description_kind":"plain","optional":true},"project_name":{"type":"string","description_kind":"plain","optional":true},"region_id":{"type":"number","description_kind":"plain","optional":true},"region_name":{"type":"string","description_kind":"plain","optional":true},"stack_id":{"type":"string","description_kind":"plain","computed":true}},"block_types":{"timeouts":{"nesting_mode":"single","block":{"attributes":{"create":{"type":"string","description_kind":"plain","optional":true},"update":{"type":"string","description_kind":"plain","optional":true}},"description_kind":"plain"}}},"description":"Represent k8s cluster's pool.","description_kind":"plain"}},"gcore_keypair":{"version":0,"block":{"attributes":{"fingerprint":{"type":"string","description_kind":"plain","computed":true},"id":{"type":"string","description_kind":"plain","optional":true,"computed":true},"project_id":{"type":"number","description_kind":"plain","optional":true},"project_name":{"type":"string","description_kind":"plain","optional":true},"public_key":{"type":"string","description_kind":"plain","required":true},"sshkey_id":{"type":"string","description_kind":"plain","computed":true},"sshkey_name":{"type":"string","description_kind":"plain","required":true}},"description":"Represent a ssh key, do not depends on region","description_kind":"plain"}},"gcore_lblistener":{"version":0,"block":{"attributes":{"id":{"type":"string","description_kind":"plain","optional":true,"computed":true},"insert_x_forwarded":{"type":"bool","description":"Insert *-forwarded headers","description_kind":"plain","optional":true},"last_updated":{"type":"string","description_kind":"plain","optional":true,"computed":true},"loadbalancer_id":{"type":"string","description_kind":"plain","required":true},"name":{"type":"string","description_kind":"plain","required":true},"operating_status":{"type":"string","description_kind":"plain","computed":true},"pool_count":{"type":"number","description_kind":"plain","computed":true},"project_id":{"type":"number","description_kind":"plain","optional":true},"project_name":{"type":"string","description_kind":"plain","optional":true},"protocol":{"type":"string","description":"Available values is 'HTTP', 'HTTPS', 'TCP', 'UDP'","description_kind":"plain","required":true},"protocol_port":{"type":"number","description_kind":"plain","required":true},"provisioning_status":{"type":"string","description_kind":"plain","computed":true},"region_id":{"type":"number","description_kind":"plain","optional":true},"region_name":{"type":"string","description_kind":"plain","optional":true}},"block_types":{"timeouts":{"nesting_mode":"single","block":{"attributes":{"create":{"type":"string","description_kind":"plain","optional":true},"delete":{"type":"string","description_kind":"plain","optional":true}},"description_kind":"plain"}}},"description":"Represent load balancer listener. Can not be created without load balancer. A listener is a process that checks for connection requests, using the protocol and port that you configure","description_kind":"plain"}},"gcore_lbmember":{"version":0,"block":{"attributes":{"address":{"type":"string","description_kind":"plain","required":true},"id":{"type":"string","description_kind":"plain","optional":true,"computed":true},"instance_id":{"type":"string","description_kind":"plain","optional":true},"last_updated":{"type":"string","description_kind":"plain","optional":true,"computed":true},"operating_status":{"type":"string","description_kind":"plain","computed":true},"pool_id":{"type":"string","description_kind":"plain","required":true},"project_id":{"type":"number","description_kind":"plain","optional":true},"project_name":{"type":"string","description_kind":"plain","optional":true},"protocol_port":{"type":"number","description_kind":"plain","required":true},"region_id":{"type":"number","description_kind":"plain","optional":true},"region_name":{"type":"string","description_kind":"plain","optional":true},"subnet_id":{"type":"string","description_kind":"plain","optional":true,"computed":true},"weight":{"type":"number","description":"Value between 0 and 256","description_kind":"plain","optional":true}},"block_types":{"timeouts":{"nesting_mode":"single","block":{"attributes":{"create":{"type":"string","description_kind":"plain","optional":true},"delete":{"type":"string","description_kind":"plain","optional":true}},"description_kind":"plain"}}},"description":"Represent load balancer member","description_kind":"plain"}},"gcore_lbpool":{"version":0,"block":{"attributes":{"id":{"type":"string","description_kind":"plain","optional":true,"computed":true},"last_updated":{"type":"string","description_kind":"plain","optional":true,"computed":true},"lb_algorithm":{"type":"string","description":"Available values is 'ROUND_ROBIN', 'LEAST_CONNECTIONS', 'SOURCE_IP', 'SOURCE_IP_PORT'","description_kind":"plain","required":true},"listener_id":{"type":"string","description_kind":"plain","optional":true},"loadbalancer_id":{"type":"string","description_kind":"plain","optional":true},"name":{"type":"string","description_kind":"plain","required":true},"project_id":{"type":"number","description_kind":"plain","optional":true},"project_name":{"type":"string","description_kind":"plain","optional":true},"protocol":{"type":"string","description":"Available values is 'HTTP' (currently work, other do not work on ed-8), 'HTTPS', 'TCP', 'UDP'","description_kind":"plain","required":true},"region_id":{"type":"number","description_kind":"plain","optional":true},"region_name":{"type":"string","description_kind":"plain","optional":true}},"block_types":{"health_monitor":{"nesting_mode":"list","block":{"attributes":{"delay":{"type":"number","description_kind":"plain","required":true},"expected_codes":{"type":"string","description_kind":"plain","optional":true,"computed":true},"http_method":{"type":"string","description_kind":"plain","optional":true,"computed":true},"id":{"type":"string","description_kind":"plain","optional":true,"computed":true},"max_retries":{"type":"number","description_kind":"plain","required":true},"max_retries_down":{"type":"number","description_kind":"plain","optional":true,"computed":true},"timeout":{"type":"number","description_kind":"plain","required":true},"type":{"type":"string","description":"Available values is 'HTTP', 'HTTPS', 'PING', 'TCP', 'TLS-HELLO', 'UDP-CONNECT","description_kind":"plain","required":true},"url_path":{"type":"string","description_kind":"plain","optional":true,"computed":true}},"description_kind":"plain"},"max_items":1},"session_persistence":{"nesting_mode":"list","block":{"attributes":{"cookie_name":{"type":"string","description_kind":"plain","optional":true,"computed":true},"persistence_granularity":{"type":"string","description_kind":"plain","optional":true,"computed":true},"persistence_timeout":{"type":"number","description_kind":"plain","optional":true,"computed":true},"type":{"type":"string","description_kind":"plain","required":true}},"description_kind":"plain"},"max_items":1},"timeouts":{"nesting_mode":"single","block":{"attributes":{"create":{"type":"string","description_kind":"plain","optional":true},"delete":{"type":"string","description_kind":"plain","optional":true}},"description_kind":"plain"}}},"description":"Represent load balancer listener pool. A pool is a list of virtual machines to which the listener will redirect incoming traffic","description_kind":"plain"}},"gcore_lifecyclepolicy":{"version":0,"block":{"attributes":{"action":{"type":"string","description_kind":"plain","optional":true},"id":{"type":"string","description_kind":"plain","optional":true,"computed":true},"name":{"type":"string","description_kind":"plain","required":true},"project_id":{"type":"number","description_kind":"plain","optional":true},"project_name":{"type":"string","description_kind":"plain","optional":true},"region_id":{"type":"number","description_kind":"plain","optional":true},"region_name":{"type":"string","description_kind":"plain","optional":true},"status":{"type":"string","description_kind":"plain","optional":true},"user_id":{"type":"number","description_kind":"plain","computed":true}},"block_types":{"schedule":{"nesting_mode":"list","block":{"attributes":{"id":{"type":"string","description_kind":"plain","computed":true},"max_quantity":{"type":"number","description":"Maximum number of stored resources","description_kind":"plain","required":true},"resource_name_template":{"type":"string","description":"Used to name snapshots. {volume_id} is substituted with volume.id on creation","description_kind":"plain","optional":true},"type":{"type":"string","description_kind":"plain","computed":true}},"block_types":{"cron":{"nesting_mode":"list","block":{"attributes":{"day":{"type":"string","description":"Either single asterisk or comma-separated list of integers (1-31)","description_kind":"plain","optional":true},"day_of_week":{"type":"string","description":"Either single asterisk or comma-separated list of integers (0-6)","description_kind":"plain","optional":true},"hour":{"type":"string","description":"Either single asterisk or comma-separated list of integers (0-23)","description_kind":"plain","optional":true},"minute":{"type":"string","description":"Either single asterisk or comma-separated list of integers (0-59)","description_kind":"plain","optional":true},"month":{"type":"string","description":"Either single asterisk or comma-separated list of integers (1-12)","description_kind":"plain","optional":true},"timezone":{"type":"string","description_kind":"plain","optional":true},"week":{"type":"string","description":"Either single asterisk or comma-separated list of integers (1-53)","description_kind":"plain","optional":true}},"description":"Use for taking actions at specified moments of time. Exactly one of interval and cron blocks should be provided","description_kind":"plain"},"max_items":1},"interval":{"nesting_mode":"list","block":{"attributes":{"days":{"type":"number","description":"Number of days to wait between actions","description_kind":"plain","optional":true},"hours":{"type":"number","description":"Number of hours to wait between actions","description_kind":"plain","optional":true},"minutes":{"type":"number","description":"Number of minutes to wait between actions","description_kind":"plain","optional":true},"weeks":{"type":"number","description":"Number of weeks to wait between actions","description_kind":"plain","optional":true}},"description":"Use for taking actions with equal time intervals between them. Exactly one of interval and cron blocks should be provided","description_kind":"plain"},"max_items":1},"retention_time":{"nesting_mode":"list","block":{"attributes":{"days":{"type":"number","description":"Number of days to wait before deleting snapshot","description_kind":"plain","optional":true},"hours":{"type":"number","description":"Number of hours to wait before deleting snapshot","description_kind":"plain","optional":true},"minutes":{"type":"number","description":"Number of minutes to wait before deleting snapshot","description_kind":"plain","optional":true},"weeks":{"type":"number","description":"Number of weeks to wait before deleting snapshot","description_kind":"plain","optional":true}},"description":"If it is set, new resource will be deleted after time","description_kind":"plain"},"max_items":1}},"description_kind":"plain"}},"volume":{"nesting_mode":"set","block":{"attributes":{"id":{"type":"string","description_kind":"plain","required":true},"name":{"type":"string","description_kind":"plain","computed":true}},"description":"List of managed volumes","description_kind":"plain"}}},"description":"Represent lifecycle policy. Use to periodically take snapshots","description_kind":"plain"}},"gcore_loadbalancer":{"version":0,"block":{"attributes":{"flavor":{"type":"string","description_kind":"plain","optional":true},"id":{"type":"string","description_kind":"plain","optional":true,"computed":true},"last_updated":{"type":"string","description_kind":"plain","optional":true,"computed":true},"name":{"type":"string","description_kind":"plain","required":true},"project_id":{"type":"number","description_kind":"plain","optional":true},"project_name":{"type":"string","description_kind":"plain","optional":true},"region_id":{"type":"number","description_kind":"plain","optional":true},"region_name":{"type":"string","description_kind":"plain","optional":true},"vip_address":{"type":"string","description":"Load balancer IP address","description_kind":"plain","computed":true},"vip_network_id":{"type":"string","description_kind":"plain","optional":true},"vip_subnet_id":{"type":"string","description_kind":"plain","optional":true}},"block_types":{"listener":{"nesting_mode":"list","block":{"attributes":{"certificate":{"type":"string","description_kind":"plain","optional":true},"certificate_chain":{"type":"string","description_kind":"plain","optional":true},"id":{"type":"string","description_kind":"plain","computed":true},"name":{"type":"string","description_kind":"plain","required":true},"private_key":{"type":"string","description_kind":"plain","optional":true},"protocol":{"type":"string","description":"Available values is 'HTTP' (currently work, other do not work on ed-8), 'HTTPS', 'TCP', 'UDP'","description_kind":"plain","required":true},"protocol_port":{"type":"number","description_kind":"plain","required":true}},"description_kind":"plain"},"min_items":1},"timeouts":{"nesting_mode":"single","block":{"attributes":{"create":{"type":"string","description_kind":"plain","optional":true},"delete":{"type":"string","description_kind":"plain","optional":true}},"description_kind":"plain"}}},"description":"Represent load balancer","description_kind":"plain"}},"gcore_network":{"version":0,"block":{"attributes":{"id":{"type":"string","description_kind":"plain","optional":true,"computed":true},"last_updated":{"type":"string","description_kind":"plain","optional":true,"computed":true},"mtu":{"type":"number","description_kind":"plain","optional":true,"computed":true},"name":{"type":"string","description_kind":"plain","required":true},"project_id":{"type":"number","description_kind":"plain","optional":true},"project_name":{"type":"string","description_kind":"plain","optional":true},"region_id":{"type":"number","description_kind":"plain","optional":true},"region_name":{"type":"string","description_kind":"plain","optional":true},"type":{"type":"string","description":"'vlan' or 'vxlan' network type is allowed. Default value is 'vxlan'","description_kind":"plain","optional":true,"computed":true}},"description":"Represent network. A network is a software-defined network in a cloud computing infrastructure","description_kind":"plain"}},"gcore_reservedfixedip":{"version":0,"block":{"attributes":{"allowed_address_pairs":{"type":["list",["object",{"ip_address":"string","mac_address":"string"}]],"description":"Group of IP addresses that share the current IP as VIP","description_kind":"plain","computed":true},"fixed_ip_address":{"type":"string","description_kind":"plain","optional":true,"computed":true},"id":{"type":"string","description_kind":"plain","optional":true,"computed":true},"is_vip":{"type":"bool","description_kind":"plain","required":true},"last_updated":{"type":"string","description_kind":"plain","optional":true,"computed":true},"network_id":{"type":"string","description_kind":"plain","optional":true,"computed":true},"port_id":{"type":"string","description":"ID of the port_id underlying the reserved fixed IP","description_kind":"plain","computed":true},"project_id":{"type":"number","description_kind":"plain","optional":true},"project_name":{"type":"string","description_kind":"plain","optional":true},"region_id":{"type":"number","description_kind":"plain","optional":true},"region_name":{"type":"string","description_kind":"plain","optional":true},"status":{"type":"string","description_kind":"plain","computed":true},"subnet_id":{"type":"string","description_kind":"plain","optional":true,"computed":true},"type":{"type":"string","description":"Available values is 'external', 'subnet', 'any_subnet', 'ip_address'","description_kind":"plain","required":true}},"description":"Represent reserved ips","description_kind":"plain"}},"gcore_router":{"version":0,"block":{"attributes":{"id":{"type":"string","description_kind":"plain","optional":true,"computed":true},"last_updated":{"type":"string","description_kind":"plain","optional":true,"computed":true},"name":{"type":"string","description_kind":"plain","required":true},"project_id":{"type":"number","description_kind":"plain","optional":true},"project_name":{"type":"string","description_kind":"plain","optional":true},"region_id":{"type":"number","description_kind":"plain","optional":true},"region_name":{"type":"string","description_kind":"plain","optional":true}},"block_types":{"external_gateway_info":{"nesting_mode":"list","block":{"attributes":{"enable_snat":{"type":"bool","description_kind":"plain","optional":true,"computed":true},"external_fixed_ips":{"type":["list",["object",{"ip_address":"string","subnet_id":"string"}]],"description_kind":"plain","computed":true},"network_id":{"type":"string","description":"Id of the external network","description_kind":"plain","required":true},"type":{"type":"string","description":"Must be 'manual'","description_kind":"plain","optional":true,"computed":true}},"description_kind":"plain"},"max_items":1},"interfaces":{"nesting_mode":"list","block":{"attributes":{"subnet_id":{"type":"string","description":"Subnet for router interface must have a gateway IP","description_kind":"plain","required":true},"type":{"type":"string","description":"must be 'subnet'","description_kind":"plain","required":true}},"description_kind":"plain"}},"routes":{"nesting_mode":"list","block":{"attributes":{"destination":{"type":"string","description_kind":"plain","required":true},"nexthop":{"type":"string","description":"IPv4 address to forward traffic to if it's destination IP matches 'destination' CIDR","description_kind":"plain","required":true}},"description_kind":"plain"}}},"description":"Represent router. Router enables you to dynamically exchange routes between networks","description_kind":"plain"}},"gcore_securitygroup":{"version":0,"block":{"attributes":{"description":{"type":"string","description_kind":"plain","optional":true},"id":{"type":"string","description_kind":"plain","optional":true,"computed":true},"last_updated":{"type":"string","description_kind":"plain","optional":true,"computed":true},"name":{"type":"string","description_kind":"plain","required":true},"project_id":{"type":"number","description_kind":"plain","optional":true},"project_name":{"type":"string","description_kind":"plain","optional":true},"region_id":{"type":"number","description_kind":"plain","optional":true},"region_name":{"type":"string","description_kind":"plain","optional":true}},"block_types":{"security_group_rules":{"nesting_mode":"set","block":{"attributes":{"created_at":{"type":"string","description_kind":"plain","computed":true},"description":{"type":"string","description_kind":"plain","optional":true},"direction":{"type":"string","description":"Available value is 'ingress', 'egress'","description_kind":"plain","required":true},"ethertype":{"type":"string","description":"Available value is 'IPv4', 'IPv6'","description_kind":"plain","required":true},"id":{"type":"string","description_kind":"plain","computed":true},"port_range_max":{"type":"number","description_kind":"plain","optional":true},"port_range_min":{"type":"number","description_kind":"plain","optional":true},"protocol":{"type":"string","description":"Available value is udp,tcp,any,icmp,ah,dccp,egp,esp,gre,igmp,ospf,pgm,rsvp,sctp,udplite,vrrp,51,112","description_kind":"plain","required":true},"remote_ip_prefix":{"type":"string","description_kind":"plain","optional":true},"updated_at":{"type":"string","description_kind":"plain","computed":true}},"description":"Firewall rules control what inbound(ingress) and outbound(egress) traffic is allowed to enter or leave a Instance. At least one 'egress' rule should be set","description_kind":"plain"},"min_items":1}},"description":"Represent SecurityGroups(Firewall)","description_kind":"plain"}},"gcore_servergroup":{"version":0,"block":{"attributes":{"id":{"type":"string","description_kind":"plain","optional":true,"computed":true},"instances":{"type":["list",["object",{"instance_id":"string","instance_name":"string"}]],"description":"Instances in this server group","description_kind":"plain","computed":true},"name":{"type":"string","description":"Displayed server group name","description_kind":"plain","required":true},"policy":{"type":"string","description":"Server group policy. Available value is 'affinity', 'anti-affinity'","description_kind":"plain","required":true},"project_id":{"type":"number","description_kind":"plain","optional":true},"project_name":{"type":"string","description_kind":"plain","optional":true},"region_id":{"type":"number","description_kind":"plain","optional":true},"region_name":{"type":"string","description_kind":"plain","optional":true}},"description":"Represent server group resource","description_kind":"plain"}},"gcore_snapshot":{"version":0,"block":{"attributes":{"description":{"type":"string","description_kind":"plain","optional":true},"id":{"type":"string","description_kind":"plain","optional":true,"computed":true},"last_updated":{"type":"string","description_kind":"plain","optional":true,"computed":true},"metadata":{"type":["map","string"],"description_kind":"plain","optional":true,"computed":true},"name":{"type":"string","description_kind":"plain","required":true},"project_id":{"type":"number","description_kind":"plain","optional":true},"project_name":{"type":"string","description_kind":"plain","optional":true},"region_id":{"type":"number","description_kind":"plain","optional":true},"region_name":{"type":"string","description_kind":"plain","optional":true},"size":{"type":"number","description_kind":"plain","computed":true},"status":{"type":"string","description_kind":"plain","computed":true},"volume_id":{"type":"string","description_kind":"plain","required":true}},"description_kind":"plain"}},"gcore_storage_s3":{"version":0,"block":{"attributes":{"client_id":{"type":"number","description":"An client id of new storage resource.","description_kind":"plain","optional":true,"computed":true},"generated_access_key":{"type":"string","description":"A s3 access key for new storage resource.","description_kind":"plain","optional":true,"computed":true},"generated_endpoint":{"type":"string","description":"A s3 entry point for new storage resource.","description_kind":"plain","optional":true,"computed":true},"generated_http_endpoint":{"type":"string","description":"A http s3 entry point for new storage resource.","description_kind":"plain","optional":true,"computed":true},"generated_s3_endpoint":{"type":"string","description":"A s3 endpoint for new storage resource.","description_kind":"plain","optional":true,"computed":true},"generated_secret_key":{"type":"string","description":"A s3 secret key for new storage resource.","description_kind":"plain","optional":true,"computed":true},"id":{"type":"string","description_kind":"plain","optional":true,"computed":true},"location":{"type":"string","description":"A location of new storage resource. One of (s-ed1, s-darz1, s-ws1, s-dt2)","description_kind":"plain","required":true},"name":{"type":"string","description":"A name of new storage resource.","description_kind":"plain","required":true},"storage_id":{"type":"number","description":"An id of new storage resource.","description_kind":"plain","optional":true,"computed":true}},"description":"Represent s3 storage resource. https://storage.gcorelabs.com/storage/list","description_kind":"plain"}},"gcore_storage_sftp":{"version":0,"block":{"attributes":{"client_id":{"type":"number","description":"An client id of new storage resource.","description_kind":"plain","optional":true,"computed":true},"generated_http_endpoint":{"type":"string","description":"A http sftp entry point for new storage resource.","description_kind":"plain","optional":true,"computed":true},"generated_password":{"type":"bool","description":"An auto generated sftp password for new storage resource.","description_kind":"plain","optional":true},"generated_sftp_endpoint":{"type":"string","description":"A ssh sftp entry point for new storage resource.","description_kind":"plain","optional":true,"computed":true},"http_expires_header_value":{"type":"string","description":"A expires date of storage resource.","description_kind":"plain","optional":true},"http_servername_alias":{"type":"string","description":"An alias of storage resource.","description_kind":"plain","optional":true},"id":{"type":"string","description_kind":"plain","optional":true,"computed":true},"location":{"type":"string","description":"A location of new storage resource. One of (ams, sin, fra, mia)","description_kind":"plain","required":true},"name":{"type":"string","description":"A name of new storage resource.","description_kind":"plain","required":true},"password":{"type":"string","description":"A sftp password for new storage resource.","description_kind":"plain","optional":true},"ssh_key_id":{"type":["list","number"],"description":"An ssh keys IDs to link with new sftp storage resource only. https://storage.gcorelabs.com/ssh-key/list","description_kind":"plain","optional":true},"storage_id":{"type":"number","description":"An id of new storage resource.","description_kind":"plain","optional":true,"computed":true},"update_after_create":{"type":"bool","description":"A temporary flag. An internal cheat, to skip update ssh keys. Skip it.","description_kind":"plain","optional":true,"computed":true}},"description":"Represent sftp storage resource. https://storage.gcorelabs.com/storage/list","description_kind":"plain"}},"gcore_storage_sftp_key":{"version":0,"block":{"attributes":{"id":{"type":"string","description_kind":"plain","optional":true,"computed":true},"key":{"type":"string","description":"A body of of new storage key resource.","description_kind":"plain","required":true},"key_id":{"type":"number","description":"An id of of new storage key resource.","description_kind":"plain","optional":true,"computed":true},"name":{"type":"string","description":"A name of new storage key resource.","description_kind":"plain","required":true}},"description":"Represent storage key resource. https://storage.gcorelabs.com/ssh-key/list","description_kind":"plain"}},"gcore_subnet":{"version":0,"block":{"attributes":{"cidr":{"type":"string","description_kind":"plain","required":true},"connect_to_network_router":{"type":"bool","description_kind":"plain","optional":true},"dns_nameservers":{"type":["list","string"],"description_kind":"plain","optional":true},"enable_dhcp":{"type":"bool","description_kind":"plain","optional":true,"computed":true},"gateway_ip":{"type":"string","description_kind":"plain","optional":true,"computed":true},"id":{"type":"string","description_kind":"plain","optional":true,"computed":true},"last_updated":{"type":"string","description_kind":"plain","optional":true,"computed":true},"name":{"type":"string","description_kind":"plain","required":true},"network_id":{"type":"string","description_kind":"plain","required":true},"project_id":{"type":"number","description_kind":"plain","optional":true},"project_name":{"type":"string","description_kind":"plain","optional":true},"region_id":{"type":"number","description_kind":"plain","optional":true},"region_name":{"type":"string","description_kind":"plain","optional":true}},"block_types":{"host_routes":{"nesting_mode":"list","block":{"attributes":{"destination":{"type":"string","description_kind":"plain","required":true},"nexthop":{"type":"string","description":"IPv4 address to forward traffic to if it's destination IP matches 'destination' CIDR","description_kind":"plain","required":true}},"description_kind":"plain"}}},"description":"Represent subnets. Subnetwork is a range of IP addresses in a cloud network. Addresses from this range will be assigned to machines in the cloud","description_kind":"plain"}},"gcore_volume":{"version":0,"block":{"attributes":{"id":{"type":"string","description_kind":"plain","optional":true,"computed":true},"image_id":{"type":"string","description":"Mandatory if volume is created from image","description_kind":"plain","optional":true},"last_updated":{"type":"string","description_kind":"plain","optional":true,"computed":true},"name":{"type":"string","description_kind":"plain","required":true},"project_id":{"type":"number","description_kind":"plain","optional":true},"project_name":{"type":"string","description_kind":"plain","optional":true},"region_id":{"type":"number","description_kind":"plain","optional":true},"region_name":{"type":"string","description_kind":"plain","optional":true},"size":{"type":"number","description_kind":"plain","optional":true},"snapshot_id":{"type":"string","description":"Mandatory if volume is created from a snapshot","description_kind":"plain","optional":true},"type_name":{"type":"string","description":"Available value is 'standard', 'ssd_hiiops', 'cold', 'ultra'. Defaults to standard","description_kind":"plain","optional":true}},"description":"Represent volume. A volume is a file storage which is similar to SSD and HDD hard disks but located in the cloud","description_kind":"plain"}}},"data_source_schemas":{"gcore_floatingip":{"version":0,"block":{"attributes":{"fixed_ip_address":{"type":"string","description_kind":"plain","computed":true},"floating_ip_address":{"type":"string","description_kind":"plain","required":true},"id":{"type":"string","description_kind":"plain","optional":true,"computed":true},"port_id":{"type":"string","description_kind":"plain","optional":true},"project_id":{"type":"number","description_kind":"plain","optional":true},"project_name":{"type":"string","description_kind":"plain","optional":true},"region_id":{"type":"number","description_kind":"plain","optional":true},"region_name":{"type":"string","description_kind":"plain","optional":true},"router_id":{"type":"string","description_kind":"plain","computed":true},"status":{"type":"string","description_kind":"plain","computed":true}},"description":"A floating IP is a static IP address that points to one of your Instances. It allows you to redirect network traffic to any of your Instances in the same datacenter.","description_kind":"plain"}},"gcore_image":{"version":0,"block":{"attributes":{"description":{"type":"string","description_kind":"plain","computed":true},"id":{"type":"string","description_kind":"plain","optional":true,"computed":true},"min_disk":{"type":"number","description_kind":"plain","computed":true},"min_ram":{"type":"number","description_kind":"plain","computed":true},"name":{"type":"string","description":"use 'os-version', for example 'ubuntu-20.04'","description_kind":"plain","required":true},"os_distro":{"type":"string","description_kind":"plain","computed":true},"os_version":{"type":"string","description_kind":"plain","computed":true},"project_id":{"type":"number","description_kind":"plain","optional":true},"project_name":{"type":"string","description_kind":"plain","optional":true},"region_id":{"type":"number","description_kind":"plain","optional":true},"region_name":{"type":"string","description_kind":"plain","optional":true}},"description":"Represent image data","description_kind":"plain"}},"gcore_instance":{"version":0,"block":{"attributes":{"addresses":{"type":["list",["object",{"net":["list",["object",{"addr":"string","type":"string"}]]}]],"description_kind":"plain","computed":true},"flavor":{"type":["map","string"],"description_kind":"plain","computed":true},"flavor_id":{"type":"string","description_kind":"plain","computed":true},"id":{"type":"string","description_kind":"plain","optional":true,"computed":true},"interface":{"type":["list",["object",{"ip_address":"string","network_id":"string","port_id":"string","subnet_id":"string"}]],"description_kind":"plain","computed":true},"metadata":{"type":["list",["object",{"key":"string","value":"string"}]],"description_kind":"plain","computed":true},"name":{"type":"string","description_kind":"plain","required":true},"project_id":{"type":"number","description_kind":"plain","optional":true},"project_name":{"type":"string","description_kind":"plain","optional":true},"region_id":{"type":"number","description_kind":"plain","optional":true},"region_name":{"type":"string","description_kind":"plain","optional":true},"security_group":{"type":["list",["object",{"name":"string"}]],"description":"Firewalls list","description_kind":"plain","computed":true},"status":{"type":"string","description_kind":"plain","computed":true},"vm_state":{"type":"string","description_kind":"plain","computed":true},"volume":{"type":["set",["object",{"delete_on_termination":"bool","volume_id":"string"}]],"description_kind":"plain","computed":true}},"description":"Represent instance. Could be used with baremetal also","description_kind":"plain"}},"gcore_k8s":{"version":0,"block":{"attributes":{"api_address":{"type":"string","description_kind":"plain","computed":true},"auto_healing_enabled":{"type":"bool","description_kind":"plain","computed":true},"cluster_id":{"type":"string","description_kind":"plain","required":true},"cluster_template_id":{"type":"string","description_kind":"plain","computed":true},"container_version":{"type":"string","description_kind":"plain","computed":true},"created_at":{"type":"string","description_kind":"plain","computed":true},"discovery_url":{"type":"string","description_kind":"plain","computed":true},"faults":{"type":["map","string"],"description_kind":"plain","computed":true},"fixed_network":{"type":"string","description_kind":"plain","computed":true},"fixed_subnet":{"type":"string","description_kind":"plain","computed":true},"health_status":{"type":"string","description_kind":"plain","computed":true},"health_status_reason":{"type":["map","string"],"description_kind":"plain","computed":true},"id":{"type":"string","description_kind":"plain","optional":true,"computed":true},"keypair":{"type":"string","description_kind":"plain","computed":true},"master_addresses":{"type":["list","string"],"description_kind":"plain","computed":true},"master_flavor_id":{"type":"string","description_kind":"plain","computed":true},"master_lb_floating_ip_enabled":{"type":"bool","description_kind":"plain","computed":true},"name":{"type":"string","description_kind":"plain","computed":true},"node_addresses":{"type":["list","string"],"description_kind":"plain","computed":true},"node_count":{"type":"number","description_kind":"plain","computed":true},"pool":{"type":["list",["object",{"created_at":"string","docker_volume_size":"number","docker_volume_type":"string","flavor_id":"string","max_node_count":"number","min_node_count":"number","name":"string","node_count":"number","stack_id":"string","uuid":"string"}]],"description_kind":"plain","computed":true},"project_id":{"type":"number","description_kind":"plain","optional":true},"project_name":{"type":"string","description_kind":"plain","optional":true},"region_id":{"type":"number","description_kind":"plain","optional":true},"region_name":{"type":"string","description_kind":"plain","optional":true},"status":{"type":"string","description_kind":"plain","computed":true},"status_reason":{"type":"string","description_kind":"plain","computed":true},"updated_at":{"type":"string","description_kind":"plain","computed":true},"user_id":{"type":"string","description_kind":"plain","computed":true},"version":{"type":"string","description_kind":"plain","computed":true}},"description":"Represent k8s cluster with one default pool.","description_kind":"plain"}},"gcore_k8s_pool":{"version":0,"block":{"attributes":{"cluster_id":{"type":"string","description_kind":"plain","required":true},"created_at":{"type":"string","description_kind":"plain","computed":true},"docker_volume_size":{"type":"number","description_kind":"plain","computed":true},"docker_volume_type":{"type":"string","description":"Available value is 'standard', 'ssd_hiiops', 'cold', 'ultra'.","description_kind":"plain","computed":true},"flavor_id":{"type":"string","description_kind":"plain","computed":true},"id":{"type":"string","description_kind":"plain","optional":true,"computed":true},"is_default":{"type":"bool","description_kind":"plain","computed":true},"max_node_count":{"type":"number","description_kind":"plain","computed":true},"min_node_count":{"type":"number","description_kind":"plain","computed":true},"name":{"type":"string","description_kind":"plain","computed":true},"node_count":{"type":"number","description_kind":"plain","computed":true},"pool_id":{"type":"string","description_kind":"plain","required":true},"project_id":{"type":"number","description_kind":"plain","optional":true},"project_name":{"type":"string","description_kind":"plain","optional":true},"region_id":{"type":"number","description_kind":"plain","optional":true},"region_name":{"type":"string","description_kind":"plain","optional":true},"stack_id":{"type":"string","description_kind":"plain","computed":true}},"description":"Represent k8s cluster's pool.","description_kind":"plain"}},"gcore_lblistener":{"version":0,"block":{"attributes":{"id":{"type":"string","description_kind":"plain","optional":true,"computed":true},"loadbalancer_id":{"type":"string","description_kind":"plain","optional":true,"computed":true},"name":{"type":"string","description_kind":"plain","required":true},"operating_status":{"type":"string","description_kind":"plain","computed":true},"pool_count":{"type":"number","description_kind":"plain","computed":true},"project_id":{"type":"number","description_kind":"plain","optional":true},"project_name":{"type":"string","description_kind":"plain","optional":true},"protocol":{"type":"string","description":"Available values is 'HTTP', 'HTTPS', 'TCP', 'UDP'","description_kind":"plain","computed":true},"protocol_port":{"type":"number","description_kind":"plain","computed":true},"provisioning_status":{"type":"string","description_kind":"plain","computed":true},"region_id":{"type":"number","description_kind":"plain","optional":true},"region_name":{"type":"string","description_kind":"plain","optional":true}},"description_kind":"plain"}},"gcore_lbpool":{"version":0,"block":{"attributes":{"health_monitor":{"type":["list",["object",{"delay":"number","expected_codes":"string","http_method":"string","id":"string","max_retries":"number","max_retries_down":"number","timeout":"number","type":"string","url_path":"string"}]],"description_kind":"plain","computed":true},"id":{"type":"string","description_kind":"plain","optional":true,"computed":true},"lb_algorithm":{"type":"string","description":"Available values is 'ROUND_ROBIN', 'LEAST_CONNECTIONS', 'SOURCE_IP', 'SOURCE_IP_PORT'","description_kind":"plain","computed":true},"listener_id":{"type":"string","description_kind":"plain","optional":true,"computed":true},"loadbalancer_id":{"type":"string","description_kind":"plain","optional":true,"computed":true},"name":{"type":"string","description_kind":"plain","required":true},"project_id":{"type":"number","description_kind":"plain","optional":true},"project_name":{"type":"string","description_kind":"plain","optional":true},"protocol":{"type":"string","description":"Available values is 'HTTP' (currently work, other do not work on ed-8), 'HTTPS', 'TCP', 'UDP'","description_kind":"plain","computed":true},"region_id":{"type":"number","description_kind":"plain","optional":true},"region_name":{"type":"string","description_kind":"plain","optional":true},"session_persistence":{"type":["list",["object",{"cookie_name":"string","persistence_granularity":"string","persistence_timeout":"number","type":"string"}]],"description_kind":"plain","computed":true}},"description_kind":"plain"}},"gcore_loadbalancer":{"version":0,"block":{"attributes":{"id":{"type":"string","description_kind":"plain","optional":true,"computed":true},"listener":{"type":["list",["object",{"id":"string","name":"string","protocol":"string","protocol_port":"number"}]],"description_kind":"plain","computed":true},"name":{"type":"string","description_kind":"plain","required":true},"project_id":{"type":"number","description_kind":"plain","optional":true},"project_name":{"type":"string","description_kind":"plain","optional":true},"region_id":{"type":"number","description_kind":"plain","optional":true},"region_name":{"type":"string","description_kind":"plain","optional":true},"vip_address":{"type":"string","description_kind":"plain","computed":true},"vip_port_id":{"type":"string","description_kind":"plain","computed":true}},"description_kind":"plain"}},"gcore_network":{"version":0,"block":{"attributes":{"external":{"type":"bool","description_kind":"plain","computed":true},"id":{"type":"string","description_kind":"plain","optional":true,"computed":true},"mtu":{"type":"number","description_kind":"plain","computed":true},"name":{"type":"string","description_kind":"plain","required":true},"project_id":{"type":"number","description_kind":"plain","optional":true},"project_name":{"type":"string","description_kind":"plain","optional":true},"region_id":{"type":"number","description_kind":"plain","optional":true},"region_name":{"type":"string","description_kind":"plain","optional":true},"shared":{"type":"bool","description_kind":"plain","computed":true},"type":{"type":"string","description":"'vlan' or 'vxlan' network type is allowed. Default value is 'vxlan'","description_kind":"plain","computed":true}},"description":"Represent network. A network is a software-defined network in a cloud computing infrastructure","description_kind":"plain"}},"gcore_project":{"version":0,"block":{"attributes":{"id":{"type":"string","description_kind":"plain","optional":true,"computed":true},"name":{"type":"string","description":"Displayed project name","description_kind":"plain","required":true}},"description":"Represent project data","description_kind":"plain"}},"gcore_region":{"version":0,"block":{"attributes":{"id":{"type":"string","description_kind":"plain","optional":true,"computed":true},"name":{"type":"string","description":"Displayed region name","description_kind":"plain","required":true}},"description":"Represent region data","description_kind":"plain"}},"gcore_reservedfixedip":{"version":0,"block":{"attributes":{"allowed_address_pairs":{"type":["list",["object",{"ip_address":"string","mac_address":"string"}]],"description_kind":"plain","computed":true},"fixed_ip_address":{"type":"string","description_kind":"plain","required":true},"id":{"type":"string","description_kind":"plain","optional":true,"computed":true},"is_vip":{"type":"bool","description_kind":"plain","computed":true},"network_id":{"type":"string","description_kind":"plain","computed":true},"port_id":{"type":"string","description":"ID of the port_id underlying the reserved fixed IP","description_kind":"plain","computed":true},"project_id":{"type":"number","description_kind":"plain","optional":true},"project_name":{"type":"string","description_kind":"plain","optional":true},"region_id":{"type":"number","description_kind":"plain","optional":true},"region_name":{"type":"string","description_kind":"plain","optional":true},"status":{"type":"string","description_kind":"plain","computed":true},"subnet_id":{"type":"string","description_kind":"plain","computed":true}},"description":"Represent reserved ips","description_kind":"plain"}},"gcore_router":{"version":0,"block":{"attributes":{"external_gateway_info":{"type":["list",["object",{"enable_snat":"bool","external_fixed_ips":["list",["object",{"ip_address":"string","subnet_id":"string"}]],"network_id":"string"}]],"description_kind":"plain","computed":true},"id":{"type":"string","description_kind":"plain","optional":true,"computed":true},"interfaces":{"type":["list",["object",{"subnet_id":"string","type":"string"}]],"description_kind":"plain","computed":true},"name":{"type":"string","description_kind":"plain","required":true},"project_id":{"type":"number","description_kind":"plain","optional":true},"project_name":{"type":"string","description_kind":"plain","optional":true},"region_id":{"type":"number","description_kind":"plain","optional":true},"region_name":{"type":"string","description_kind":"plain","optional":true},"routes":{"type":["list",["object",{"destination":"string","nexthop":"string"}]],"description_kind":"plain","computed":true},"status":{"type":"string","description_kind":"plain","computed":true}},"description_kind":"plain"}},"gcore_securitygroup":{"version":0,"block":{"attributes":{"description":{"type":"string","description_kind":"plain","computed":true},"id":{"type":"string","description_kind":"plain","optional":true,"computed":true},"name":{"type":"string","description_kind":"plain","required":true},"project_id":{"type":"number","description_kind":"plain","optional":true},"project_name":{"type":"string","description_kind":"plain","optional":true},"region_id":{"type":"number","description_kind":"plain","optional":true},"region_name":{"type":"string","description_kind":"plain","optional":true},"security_group_rules":{"type":["set",["object",{"created_at":"string","description":"string","direction":"string","ethertype":"string","id":"string","port_range_max":"number","port_range_min":"number","protocol":"string","remote_ip_prefix":"string","updated_at":"string"}]],"description":"Firewall rules control what inbound(ingress) and outbound(egress) traffic is allowed to enter or leave a Instance. At least one 'egress' rule should be set","description_kind":"plain","computed":true}},"description":"Represent SecurityGroups(Firewall)","description_kind":"plain"}},"gcore_servergroup":{"version":0,"block":{"attributes":{"id":{"type":"string","description_kind":"plain","optional":true,"computed":true},"instances":{"type":["list",["object",{"instance_id":"string","instance_name":"string"}]],"description":"Instances in this server group","description_kind":"plain","computed":true},"name":{"type":"string","description":"Displayed server group name","description_kind":"plain","required":true},"policy":{"type":"string","description":"Server group policy. Available value is 'affinity', 'anti-affinity'","description_kind":"plain","computed":true},"project_id":{"type":"number","description_kind":"plain","optional":true},"project_name":{"type":"string","description_kind":"plain","optional":true},"region_id":{"type":"number","description_kind":"plain","optional":true},"region_name":{"type":"string","description_kind":"plain","optional":true}},"description":"Represent server group data","description_kind":"plain"}},"gcore_storage_s3":{"version":0,"block":{"attributes":{"client_id":{"type":"number","description":"An client id of new storage resource.","description_kind":"plain","computed":true},"generated_endpoint":{"type":"string","description":"A s3 entry point for new storage resource.","description_kind":"plain","computed":true},"generated_http_endpoint":{"type":"string","description":"A http s3 entry point for new storage resource.","description_kind":"plain","computed":true},"generated_s3_endpoint":{"type":"string","description":"A s3 endpoint for new storage resource.","description_kind":"plain","computed":true},"id":{"type":"string","description_kind":"plain","optional":true,"computed":true},"location":{"type":"string","description":"A location of new storage resource. One of (s-ed1, s-darz1, s-ws1)","description_kind":"plain","computed":true},"name":{"type":"string","description":"A name of new storage resource.","description_kind":"plain","optional":true},"storage_id":{"type":"number","description":"An id of new storage resource.","description_kind":"plain","optional":true}},"description":"Represent s3 storage resource. https://storage.gcorelabs.com/storage/list","description_kind":"plain"}},"gcore_storage_sftp":{"version":0,"block":{"attributes":{"client_id":{"type":"number","description":"An client id of storage resource.","description_kind":"plain","computed":true},"generated_http_endpoint":{"type":"string","description":"A http sftp entry point for new storage resource.","description_kind":"plain","computed":true},"generated_sftp_endpoint":{"type":"string","description":"A ssh sftp entry point for new storage resource.","description_kind":"plain","computed":true},"http_expires_header_value":{"type":"string","description":"A expires date of storage resource.","description_kind":"plain","computed":true},"http_servername_alias":{"type":"string","description":"An alias of storage resource.","description_kind":"plain","computed":true},"id":{"type":"string","description_kind":"plain","optional":true,"computed":true},"location":{"type":"string","description":"A location of new storage resource. One of (ams, sin, fra, mia)","description_kind":"plain","computed":true},"name":{"type":"string","description":"A name of storage resource.","description_kind":"plain","optional":true},"ssh_key_id":{"type":["list","number"],"description":"An ssh keys IDs to link with new sftp storage resource only. https://storage.gcorelabs.com/ssh-key/list","description_kind":"plain","computed":true},"storage_id":{"type":"number","description":"An id of storage resource.","description_kind":"plain","optional":true}},"description":"Represent sftp storage resource. https://storage.gcorelabs.com/storage/list","description_kind":"plain"}},"gcore_storage_sftp_key":{"version":0,"block":{"attributes":{"id":{"type":"string","description_kind":"plain","optional":true,"computed":true},"key_id":{"type":"number","description":"An id of of storage key resource.","description_kind":"plain","computed":true},"name":{"type":"string","description":"A name of storage key resource.","description_kind":"plain","required":true}},"description":"Represent storage key resource. https://storage.gcorelabs.com/ssh-key/list","description_kind":"plain"}},"gcore_subnet":{"version":0,"block":{"attributes":{"cidr":{"type":"string","description_kind":"plain","computed":true},"connect_to_network_router":{"type":"bool","description_kind":"plain","computed":true},"dns_nameservers":{"type":["list","string"],"description_kind":"plain","computed":true},"enable_dhcp":{"type":"bool","description_kind":"plain","computed":true},"gateway_ip":{"type":"string","description_kind":"plain","computed":true},"host_routes":{"type":["list",["object",{"destination":"string","nexthop":"string"}]],"description_kind":"plain","computed":true},"id":{"type":"string","description_kind":"plain","optional":true,"computed":true},"name":{"type":"string","description_kind":"plain","required":true},"network_id":{"type":"string","description_kind":"plain","optional":true,"computed":true},"project_id":{"type":"number","description_kind":"plain","optional":true},"project_name":{"type":"string","description_kind":"plain","optional":true},"region_id":{"type":"number","description_kind":"plain","optional":true},"region_name":{"type":"string","description_kind":"plain","optional":true}},"description_kind":"plain"}},"gcore_volume":{"version":0,"block":{"attributes":{"id":{"type":"string","description_kind":"plain","optional":true,"computed":true},"name":{"type":"string","description_kind":"plain","required":true},"project_id":{"type":"number","description_kind":"plain","optional":true},"project_name":{"type":"string","description_kind":"plain","optional":true},"region_id":{"type":"number","description_kind":"plain","optional":true},"region_name":{"type":"string","description_kind":"plain","optional":true},"size":{"type":"number","description_kind":"plain","computed":true},"type_name":{"type":"string","description":"Available value is 'standard', 'ssd_hiiops', 'cold', 'ultra'. Defaults to standard","description_kind":"plain","computed":true}},"description":"Represent volume. A volume is a file storage which is similar to SSD and HDD hard disks","description_kind":"plain"}}}}}}
