{"format_version":"0.2","provider_schemas":{"registry.terraform.io/gocachebr/gocache":{"provider":{"version":0,"block":{"attributes":{"api_token":{"type":"string","description":"The API key for operations.","description_kind":"plain","optional":true,"sensitive":true}},"description_kind":"plain"}},"resource_schemas":{"gocache_domain":{"version":0,"block":{"attributes":{"cache_301":{"type":"bool","description_kind":"plain","optional":true},"cache_302":{"type":"bool","description_kind":"plain","optional":true},"cache_404":{"type":"bool","description_kind":"plain","optional":true},"cache_ttl":{"type":"number","description_kind":"plain","optional":true},"caching_behavior":{"type":"string","description_kind":"plain","optional":true},"deploy_mode":{"type":"bool","description_kind":"plain","optional":true},"dns_mode":{"type":"string","description_kind":"plain","optional":true},"domain":{"type":"string","description_kind":"plain","required":true},"expire_bypass_sec":{"type":"number","description_kind":"plain","optional":true},"expires_ttl":{"type":"number","description_kind":"plain","optional":true},"gzip_status":{"type":"bool","description_kind":"plain","optional":true},"header_device_type":{"type":"bool","description_kind":"plain","optional":true},"header_geoip_continent":{"type":"bool","description_kind":"plain","optional":true},"header_geoip_country":{"type":"bool","description_kind":"plain","optional":true},"header_geoip_org":{"type":"bool","description_kind":"plain","optional":true},"id":{"type":"string","description_kind":"plain","optional":true,"computed":true},"ignore_cache_control":{"type":"bool","description_kind":"plain","optional":true},"ignore_expires":{"type":"bool","description_kind":"plain","optional":true},"ignore_vary":{"type":"bool","description_kind":"plain","optional":true},"image_optimize":{"type":"bool","description_kind":"plain","optional":true},"image_optimize_level":{"type":"number","description_kind":"plain","optional":true},"image_optimize_metadata":{"type":"bool","description_kind":"plain","optional":true},"image_optimize_progressive":{"type":"bool","description_kind":"plain","optional":true},"image_optimize_webp":{"type":"bool","description_kind":"plain","optional":true},"last_updated":{"type":"string","description_kind":"plain","optional":true,"computed":true},"log_freq":{"type":"number","description_kind":"plain","optional":true},"public_log":{"type":"string","description_kind":"plain","optional":true},"rate_limit_ignore_good_bots":{"type":"bool","description_kind":"plain","optional":true},"rate_limit_ignore_static_content":{"type":"bool","description_kind":"plain","optional":true},"rate_limit_status":{"type":"bool","description_kind":"plain","optional":true},"smart_cache_status":{"type":"bool","description_kind":"plain","optional":true},"smart_cache_template":{"type":"string","description_kind":"plain","optional":true},"smart_cache_ttl":{"type":"number","description_kind":"plain","optional":true},"ssl_mode":{"type":"string","description_kind":"plain","optional":true},"tls10":{"type":"bool","description_kind":"plain","optional":true},"tls11":{"type":"bool","description_kind":"plain","optional":true},"tls12":{"type":"bool","description_kind":"plain","optional":true},"waf_level":{"type":"string","description_kind":"plain","optional":true},"waf_mode":{"type":"string","description_kind":"plain","optional":true},"waf_status":{"type":"bool","description_kind":"plain","optional":true}},"description_kind":"plain"}},"gocache_record":{"version":0,"block":{"attributes":{"content":{"type":"string","description_kind":"plain","required":true},"domain":{"type":"string","description_kind":"plain","required":true},"id":{"type":"string","description_kind":"plain","optional":true,"computed":true},"last_updated":{"type":"string","description_kind":"plain","optional":true,"computed":true},"name":{"type":"string","description_kind":"plain","required":true},"port":{"type":"number","description_kind":"plain","optional":true,"computed":true},"priority":{"type":"number","description_kind":"plain","optional":true,"computed":true},"proxied":{"type":"bool","description_kind":"plain","required":true},"record_id":{"type":"string","description_kind":"plain","optional":true,"computed":true},"ttl":{"type":"number","description_kind":"plain","required":true},"type":{"type":"string","description_kind":"plain","required":true},"weight":{"type":"number","description_kind":"plain","optional":true,"computed":true}},"description_kind":"plain"}},"gocache_ssl_certificate":{"version":0,"block":{"attributes":{"certificate":{"type":"string","description_kind":"plain","required":true},"domain":{"type":"string","description_kind":"plain","required":true},"enabled":{"type":"bool","description_kind":"plain","required":true},"expiration_date":{"type":"string","description_kind":"plain","computed":true},"id":{"type":"string","description_kind":"plain","optional":true,"computed":true},"issue_date":{"type":"string","description_kind":"plain","computed":true},"last_updated":{"type":"string","description_kind":"plain","optional":true,"computed":true},"private_key":{"type":"string","description_kind":"plain","required":true}},"description_kind":"plain"}}},"data_source_schemas":{"gocache_ip_ranges":{"version":0,"block":{"attributes":{"cidr_blocks":{"type":["list","string"],"description_kind":"plain","computed":true},"id":{"type":"string","description_kind":"plain","optional":true,"computed":true},"ipv4_cidr_blocks":{"type":["list","string"],"description_kind":"plain","optional":true}},"description_kind":"plain"}}}}}}
