{"format_version":"0.2","provider_schemas":{"registry.terraform.io/gridscale/gridscale":{"provider":{"version":0,"block":{"attributes":{"api_url":{"type":"string","description":"the url for the gridscale API.","description_kind":"plain","optional":true},"http_headers":{"type":"string","description":"Custom HTTP headers","description_kind":"plain","optional":true},"token":{"type":"string","description":"API-token for the gridscale API.","description_kind":"plain","optional":true},"uuid":{"type":"string","description":"User-UUID for the gridscale API.","description_kind":"plain","optional":true}},"description_kind":"plain"}},"resource_schemas":{"gridscale_backupschedule":{"version":0,"block":{"attributes":{"active":{"type":"bool","description":"The status of the schedule active or not","description_kind":"plain","required":true},"change_time":{"type":"string","description":"Defines the date and time of the last object change","description_kind":"plain","computed":true},"create_time":{"type":"string","description":"Defines the date and time the object was initially created","description_kind":"plain","computed":true},"id":{"type":"string","description_kind":"plain","optional":true,"computed":true},"keep_backups":{"type":"number","description":"The amount of storage backups to keep before overwriting the last created backup","description_kind":"plain","required":true},"name":{"type":"string","description":"The human-readable name of the object","description_kind":"plain","required":true},"next_runtime":{"type":"string","description":"The date and time that the storage backup schedule will be run. Format: \"2006-01-02 15:04:05\"","description_kind":"plain","required":true},"next_runtime_computed":{"type":"string","description":"The date and time that the storage backup schedule will be run. This date and time is computed by gridscale's server.","description_kind":"plain","computed":true},"run_interval":{"type":"number","description":"The interval at which the schedule will run (in minutes)","description_kind":"plain","required":true},"status":{"type":"string","description":"Status indicates the status of the object","description_kind":"plain","computed":true},"storage_backups":{"type":["set",["object",{"create_time":"string","name":"string","object_uuid":"string"}]],"description":"Related backups","description_kind":"plain","computed":true},"storage_uuid":{"type":"string","description":"Uuid of the storage used to create storage backups","description_kind":"plain","required":true}},"block_types":{"timeouts":{"nesting_mode":"single","block":{"attributes":{"create":{"type":"string","description_kind":"plain","optional":true},"delete":{"type":"string","description_kind":"plain","optional":true},"update":{"type":"string","description_kind":"plain","optional":true}},"description_kind":"plain"}}},"description_kind":"plain"}},"gridscale_firewall":{"version":0,"block":{"attributes":{"change_time":{"type":"string","description":"The date and time of the last object change.","description_kind":"plain","computed":true},"create_time":{"type":"string","description":"The date and time the object was initially created.","description_kind":"plain","computed":true},"description":{"type":"string","description":"Description of the Firewall.","description_kind":"plain","computed":true},"id":{"type":"string","description_kind":"plain","optional":true,"computed":true},"labels":{"type":["set","string"],"description":"List of labels.","description_kind":"plain","optional":true},"location_name":{"type":"string","description":"The human-readable name of the location. It supports the full UTF-8 character set, with a maximum of 64 characters","description_kind":"plain","computed":true},"name":{"type":"string","description":"The human-readable name of the object. It supports the full UTF-8 character set, with a maximum of 64 characters","description_kind":"plain","required":true},"network":{"type":["set",["object",{"create_time":"string","network_name":"string","network_uuid":"string","object_name":"string","object_uuid":"string"}]],"description_kind":"plain","computed":true},"private":{"type":"bool","description":"The object is private, the value will be true. Otherwise the value will be false.","description_kind":"plain","computed":true},"status":{"type":"string","description":"Status indicates the status of the object","description_kind":"plain","computed":true}},"block_types":{"rules_v4_in":{"nesting_mode":"list","block":{"attributes":{"action":{"type":"string","description":"This defines what the firewall will do. Either accept or drop.","description_kind":"plain","required":true},"comment":{"type":"string","description":"Comment.","description_kind":"plain","optional":true},"dst_cidr":{"type":"string","description":"Either an IPv4/6 address or and IP Network in CIDR format. If this field is empty then all IPs have access to this service.","description_kind":"plain","optional":true},"dst_port":{"type":"string","description":"A Number between 1 and 65535, port ranges are seperated by a colon for FTP","description_kind":"plain","optional":true},"order":{"type":"number","description":"The order at which the firewall will compare packets against its rules.\nA packet will be compared against the first rule, it will either allow it to pass or block it\nand it won't be matched against any other rules. However, if it does no match the rule,\nthen it will proceed onto rule 2. Packets that do not match any rules are blocked by default (Only for inbound).","description_kind":"plain","required":true},"protocol":{"type":"string","description":"Either 'udp' or 'tcp'","description_kind":"plain","required":true},"src_cidr":{"type":"string","description":"Either an IPv4/6 address or and IP Network in CIDR format. If this field is empty then this service has access to all IPs.","description_kind":"plain","optional":true},"src_port":{"type":"string","description":"A Number between 1 and 65535, port ranges are seperated by a colon for FTP","description_kind":"plain","optional":true}},"description_kind":"plain"}},"rules_v4_out":{"nesting_mode":"list","block":{"attributes":{"action":{"type":"string","description":"This defines what the firewall will do. Either accept or drop.","description_kind":"plain","required":true},"comment":{"type":"string","description":"Comment.","description_kind":"plain","optional":true},"dst_cidr":{"type":"string","description":"Either an IPv4/6 address or and IP Network in CIDR format. If this field is empty then all IPs have access to this service.","description_kind":"plain","optional":true},"dst_port":{"type":"string","description":"A Number between 1 and 65535, port ranges are seperated by a colon for FTP","description_kind":"plain","optional":true},"order":{"type":"number","description":"The order at which the firewall will compare packets against its rules.\nA packet will be compared against the first rule, it will either allow it to pass or block it\nand it won't be matched against any other rules. However, if it does no match the rule,\nthen it will proceed onto rule 2. Packets that do not match any rules are blocked by default (Only for inbound).","description_kind":"plain","required":true},"protocol":{"type":"string","description":"Either 'udp' or 'tcp'","description_kind":"plain","required":true},"src_cidr":{"type":"string","description":"Either an IPv4/6 address or and IP Network in CIDR format. If this field is empty then this service has access to all IPs.","description_kind":"plain","optional":true},"src_port":{"type":"string","description":"A Number between 1 and 65535, port ranges are seperated by a colon for FTP","description_kind":"plain","optional":true}},"description_kind":"plain"}},"rules_v6_in":{"nesting_mode":"list","block":{"attributes":{"action":{"type":"string","description":"This defines what the firewall will do. Either accept or drop.","description_kind":"plain","required":true},"comment":{"type":"string","description":"Comment.","description_kind":"plain","optional":true},"dst_cidr":{"type":"string","description":"Either an IPv4/6 address or and IP Network in CIDR format. If this field is empty then all IPs have access to this service.","description_kind":"plain","optional":true},"dst_port":{"type":"string","description":"A Number between 1 and 65535, port ranges are seperated by a colon for FTP","description_kind":"plain","optional":true},"order":{"type":"number","description":"The order at which the firewall will compare packets against its rules.\nA packet will be compared against the first rule, it will either allow it to pass or block it\nand it won't be matched against any other rules. However, if it does no match the rule,\nthen it will proceed onto rule 2. Packets that do not match any rules are blocked by default (Only for inbound).","description_kind":"plain","required":true},"protocol":{"type":"string","description":"Either 'udp' or 'tcp'","description_kind":"plain","required":true},"src_cidr":{"type":"string","description":"Either an IPv4/6 address or and IP Network in CIDR format. If this field is empty then this service has access to all IPs.","description_kind":"plain","optional":true},"src_port":{"type":"string","description":"A Number between 1 and 65535, port ranges are seperated by a colon for FTP","description_kind":"plain","optional":true}},"description_kind":"plain"}},"rules_v6_out":{"nesting_mode":"list","block":{"attributes":{"action":{"type":"string","description":"This defines what the firewall will do. Either accept or drop.","description_kind":"plain","required":true},"comment":{"type":"string","description":"Comment.","description_kind":"plain","optional":true},"dst_cidr":{"type":"string","description":"Either an IPv4/6 address or and IP Network in CIDR format. If this field is empty then all IPs have access to this service.","description_kind":"plain","optional":true},"dst_port":{"type":"string","description":"A Number between 1 and 65535, port ranges are seperated by a colon for FTP","description_kind":"plain","optional":true},"order":{"type":"number","description":"The order at which the firewall will compare packets against its rules.\nA packet will be compared against the first rule, it will either allow it to pass or block it\nand it won't be matched against any other rules. However, if it does no match the rule,\nthen it will proceed onto rule 2. Packets that do not match any rules are blocked by default (Only for inbound).","description_kind":"plain","required":true},"protocol":{"type":"string","description":"Either 'udp' or 'tcp'","description_kind":"plain","required":true},"src_cidr":{"type":"string","description":"Either an IPv4/6 address or and IP Network in CIDR format. If this field is empty then this service has access to all IPs.","description_kind":"plain","optional":true},"src_port":{"type":"string","description":"A Number between 1 and 65535, port ranges are seperated by a colon for FTP","description_kind":"plain","optional":true}},"description_kind":"plain"}},"timeouts":{"nesting_mode":"single","block":{"attributes":{"create":{"type":"string","description_kind":"plain","optional":true},"delete":{"type":"string","description_kind":"plain","optional":true},"update":{"type":"string","description_kind":"plain","optional":true}},"description_kind":"plain"}}},"description_kind":"plain"}},"gridscale_ipv4":{"version":0,"block":{"attributes":{"change_time":{"type":"string","description":"The date and time of the last object change.","description_kind":"plain","computed":true},"create_time":{"type":"string","description":"The date and time the object was initially created.","description_kind":"plain","computed":true},"current_price":{"type":"number","description":"Defines the price for the current period since the last bill.","description_kind":"plain","computed":true},"delete_block":{"type":"bool","description":"Defines if the object is administratively blocked. If true, it can not be deleted by the user.","description_kind":"plain","computed":true},"failover":{"type":"bool","description":"Sets failover mode for this IP. If true, then this IP is no longer available for DHCP and can no longer be related to any server.","description_kind":"plain","optional":true},"id":{"type":"string","description_kind":"plain","optional":true,"computed":true},"ip":{"type":"string","description":"Defines the IP address.","description_kind":"plain","computed":true},"labels":{"type":["set","string"],"description":"List of labels.","description_kind":"plain","optional":true},"location_country":{"type":"string","description":"Formatted by the 2 digit country code (ISO 3166-2) of the host country","description_kind":"plain","computed":true},"location_iata":{"type":"string","description":"Uses IATA airport code, which works as a location identifier","description_kind":"plain","computed":true},"location_name":{"type":"string","description":"The human-readable name of the location. It supports the full UTF-8 character set, with a maximum of 64 characters","description_kind":"plain","computed":true},"location_uuid":{"type":"string","description":"Helps to identify which datacenter an object belongs to","description_kind":"plain","computed":true},"name":{"type":"string","description":"The human-readable name of the object. It supports the full UTF-8 character set, with a maximum of 64 characters.","description_kind":"plain","optional":true},"prefix":{"type":"string","description_kind":"plain","computed":true},"reverse_dns":{"type":"string","description":"Defines the reverse DNS entry for the IP address (PTR Resource Record).","description_kind":"plain","optional":true,"computed":true},"status":{"type":"string","description_kind":"plain","computed":true},"usage_in_minutes":{"type":"number","description_kind":"plain","computed":true}},"block_types":{"timeouts":{"nesting_mode":"single","block":{"attributes":{"create":{"type":"string","description_kind":"plain","optional":true},"delete":{"type":"string","description_kind":"plain","optional":true},"update":{"type":"string","description_kind":"plain","optional":true}},"description_kind":"plain"}}},"description_kind":"plain"}},"gridscale_ipv6":{"version":0,"block":{"attributes":{"change_time":{"type":"string","description":"The date and time of the last object change","description_kind":"plain","computed":true},"create_time":{"type":"string","description":"The date and time the object was initially created","description_kind":"plain","computed":true},"current_price":{"type":"number","description":"Defines the price for the current period since the last bill.","description_kind":"plain","computed":true},"delete_block":{"type":"bool","description":"Defines if the object is administratively blocked. If true, it can not be deleted by the user.","description_kind":"plain","computed":true},"failover":{"type":"bool","description":"Sets failover mode for this IP. If true, then this IP is no longer available for DHCP and can no longer be related to any server.","description_kind":"plain","optional":true},"id":{"type":"string","description_kind":"plain","optional":true,"computed":true},"ip":{"type":"string","description":"Defines the IP address.","description_kind":"plain","computed":true},"labels":{"type":["set","string"],"description":"List of labels.","description_kind":"plain","optional":true},"location_country":{"type":"string","description":"Formatted by the 2 digit country code (ISO 3166-2) of the host country","description_kind":"plain","computed":true},"location_iata":{"type":"string","description":"Uses IATA airport code, which works as a location identifier","description_kind":"plain","computed":true},"location_name":{"type":"string","description":"The human-readable name of the location. It supports the full UTF-8 character set, with a maximum of 64 characters","description_kind":"plain","computed":true},"location_uuid":{"type":"string","description":"Helps to identify which datacenter an object belongs to","description_kind":"plain","computed":true},"name":{"type":"string","description":"The human-readable name of the object. It supports the full UTF-8 character set, with a maximum of 64 characters.","description_kind":"plain","optional":true},"prefix":{"type":"string","description_kind":"plain","computed":true},"reverse_dns":{"type":"string","description":"Defines the reverse DNS entry for the IP address (PTR Resource Record).","description_kind":"plain","optional":true,"computed":true},"status":{"type":"string","description_kind":"plain","computed":true},"usage_in_minutes":{"type":"number","description_kind":"plain","computed":true}},"block_types":{"timeouts":{"nesting_mode":"single","block":{"attributes":{"create":{"type":"string","description_kind":"plain","optional":true},"delete":{"type":"string","description_kind":"plain","optional":true},"update":{"type":"string","description_kind":"plain","optional":true}},"description_kind":"plain"}}},"description_kind":"plain"}},"gridscale_isoimage":{"version":0,"block":{"attributes":{"capacity":{"type":"number","description":"The capacity of a storage/ISO image/template/snapshot in GB.","description_kind":"plain","computed":true},"change_time":{"type":"string","description":"The date and time of the last object change.","description_kind":"plain","computed":true},"create_time":{"type":"string","description":"The date and time the object was initially created.","description_kind":"plain","computed":true},"current_price":{"type":"number","description":"Defines the price for the current period since the last bill.","description_kind":"plain","computed":true},"description":{"type":"string","description":"Description of the ISO image.","description_kind":"plain","computed":true},"id":{"type":"string","description_kind":"plain","optional":true,"computed":true},"labels":{"type":["set","string"],"description":"List of labels.","description_kind":"plain","optional":true},"location_country":{"type":"string","description":"Formatted by the 2 digit country code (ISO 3166-2) of the host country","description_kind":"plain","computed":true},"location_iata":{"type":"string","description":"Uses IATA airport code, which works as a location identifier","description_kind":"plain","computed":true},"location_name":{"type":"string","description":"The human-readable name of the location. It supports the full UTF-8 character set, with a maximum of 64 characters","description_kind":"plain","computed":true},"location_uuid":{"type":"string","description":"Helps to identify which datacenter an object belongs to","description_kind":"plain","computed":true},"name":{"type":"string","description":"The human-readable name of the object. It supports the full UTF-8 character set, with a maximum of 64 characters.","description_kind":"plain","required":true},"private":{"type":"bool","description":"The object is private, the value will be true. Otherwise the value will be false.","description_kind":"plain","computed":true},"server":{"type":["set",["object",{"bootdevice":"bool","create_time":"string","object_name":"string","object_uuid":"string"}]],"description":"The information about servers which are related to this ISO image.","description_kind":"plain","computed":true},"source_url":{"type":"string","description":"Contains the source URL of the ISO image that it was originally fetched from.","description_kind":"plain","required":true},"status":{"type":"string","description":"Status indicates the status of the object","description_kind":"plain","computed":true},"usage_in_minutes":{"type":"number","description":"Total minutes the object has been running.","description_kind":"plain","computed":true},"version":{"type":"string","description":"Upstream version of the ISO image release","description_kind":"plain","computed":true}},"block_types":{"timeouts":{"nesting_mode":"single","block":{"attributes":{"create":{"type":"string","description_kind":"plain","optional":true},"delete":{"type":"string","description_kind":"plain","optional":true},"update":{"type":"string","description_kind":"plain","optional":true}},"description_kind":"plain"}}},"description_kind":"plain"}},"gridscale_k8s":{"version":0,"block":{"attributes":{"change_time":{"type":"string","description":"Time of the last change","description_kind":"plain","computed":true},"create_time":{"type":"string","description":"Time this service was created.","description_kind":"plain","computed":true},"id":{"type":"string","description_kind":"plain","optional":true,"computed":true},"kubeconfig":{"type":"string","description":"K8s config data","description_kind":"plain","computed":true},"labels":{"type":["set","string"],"description":"List of labels.","description_kind":"plain","optional":true},"listen_port":{"type":["set",["object",{"name":"string","port":"number"}]],"description":"The port number where this k8s service accepts connections.","description_kind":"plain","computed":true},"name":{"type":"string","description":"The human-readable name of the object. It supports the full UTF-8 character set, with a maximum of 64 characters.","description_kind":"plain","required":true},"network_uuid":{"type":"string","description":"Network UUID containing security zone","description_kind":"plain","computed":true},"release":{"type":"string","description":"The k8s release of this instance.","description_kind":"plain","required":true},"security_zone_uuid":{"type":"string","description":"Security zone UUID linked to PaaS service.","description_kind":"plain","optional":true,"computed":true},"service_template_uuid":{"type":"string","description":"PaaS service template identifier for this service.","description_kind":"plain","computed":true},"status":{"type":"string","description":"Current status of the service","description_kind":"plain","computed":true},"usage_in_minutes":{"type":"number","description":"Number of minutes that PaaS service is in use","description_kind":"plain","computed":true}},"block_types":{"node_pool":{"nesting_mode":"list","block":{"attributes":{"cores":{"type":"number","description":"Cores per worker node.","description_kind":"plain","required":true},"memory":{"type":"number","description":"Memory per worker node (in GiB).","description_kind":"plain","required":true},"name":{"type":"string","description":"Name of node pool.","description_kind":"plain","required":true},"node_count":{"type":"number","description":"Number of worker nodes.","description_kind":"plain","required":true},"storage":{"type":"number","description":"Storage per worker node (in GiB).","description_kind":"plain","required":true},"storage_type":{"type":"string","description":"Storage type (one of storage, `storage_high, storage_insane).","description_kind":"plain","required":true}},"description_kind":"plain"},"min_items":1,"max_items":1},"timeouts":{"nesting_mode":"single","block":{"attributes":{"create":{"type":"string","description_kind":"plain","optional":true},"delete":{"type":"string","description_kind":"plain","optional":true},"update":{"type":"string","description_kind":"plain","optional":true}},"description_kind":"plain"}}},"description_kind":"plain"}},"gridscale_loadbalancer":{"version":0,"block":{"attributes":{"algorithm":{"type":"string","description":"The algorithm used to process requests. Accepted values: roundrobin/leastconn.","description_kind":"plain","required":true},"id":{"type":"string","description_kind":"plain","optional":true,"computed":true},"labels":{"type":["set","string"],"description":"List of labels.","description_kind":"plain","optional":true},"listen_ipv4_uuid":{"type":"string","description":"The UUID of the IPv4 address the Load balancer will listen to for incoming requests.","description_kind":"plain","required":true},"listen_ipv6_uuid":{"type":"string","description":"The UUID of the IPv6 address the Load balancer will listen to for incoming requests.","description_kind":"plain","required":true},"location_uuid":{"type":"string","description":"Helps to identify which datacenter an object belongs to.","description_kind":"plain","computed":true},"name":{"type":"string","description":"The human-readable name of the object. It supports the full UTF-8 character set, with a maximum of 64 characters","description_kind":"plain","required":true},"redirect_http_to_https":{"type":"bool","description":"Whether the Load balancer is forced to redirect requests from HTTP to HTTPS","description_kind":"plain","required":true},"status":{"type":"string","description":"Status indicates the status of the object.","description_kind":"plain","optional":true}},"block_types":{"backend_server":{"nesting_mode":"set","block":{"attributes":{"host":{"type":"string","description_kind":"plain","required":true},"weight":{"type":"number","description_kind":"plain","optional":true}},"description_kind":"plain"},"min_items":1},"forwarding_rule":{"nesting_mode":"set","block":{"attributes":{"letsencrypt_ssl":{"type":"string","description_kind":"plain","optional":true},"listen_port":{"type":"number","description_kind":"plain","required":true},"mode":{"type":"string","description_kind":"plain","required":true},"target_port":{"type":"number","description_kind":"plain","required":true}},"description_kind":"plain"},"min_items":1},"timeouts":{"nesting_mode":"single","block":{"attributes":{"create":{"type":"string","description_kind":"plain","optional":true},"delete":{"type":"string","description_kind":"plain","optional":true},"update":{"type":"string","description_kind":"plain","optional":true}},"description_kind":"plain"}}},"description_kind":"plain"}},"gridscale_marketplace_application":{"version":0,"block":{"attributes":{"category":{"type":"string","description":"Category of marketplace application. Accepted values: \"CMS\", \"project management\", \"Adminpanel\", \"Collaboration\", \"Cloud Storage\", \"Archiving\"","description_kind":"plain","required":true},"change_time":{"type":"string","description":"Defines the date and time of the last object change","description_kind":"plain","computed":true},"create_time":{"type":"string","description":"Defines the date and time the object was initially created","description_kind":"plain","computed":true},"id":{"type":"string","description_kind":"plain","optional":true,"computed":true},"is_application_owner":{"type":"bool","description":"Whether the you are the owner of application or not","description_kind":"plain","computed":true},"is_publish_global":{"type":"bool","description":"Whether a template is published to other partner or not","description_kind":"plain","computed":true},"is_publish_global_requested":{"type":"bool","description":"Whether a partner wants their tenant template published to other partners","description_kind":"plain","computed":true},"is_publish_requested":{"type":"bool","description":"Whether the tenants want their template to be published or not","description_kind":"plain","computed":true},"is_published":{"type":"bool","description":"Whether the template is published by the partner to their tenant","description_kind":"plain","computed":true},"meta_advices":{"type":"string","description_kind":"plain","optional":true},"meta_author":{"type":"string","description_kind":"plain","optional":true},"meta_components":{"type":["set","string"],"description_kind":"plain","optional":true},"meta_features":{"type":"string","description_kind":"plain","optional":true},"meta_hints":{"type":"string","description_kind":"plain","optional":true},"meta_icon":{"type":"string","description_kind":"plain","optional":true},"meta_license":{"type":"string","description_kind":"plain","optional":true},"meta_os":{"type":"string","description_kind":"plain","optional":true},"meta_overview":{"type":"string","description_kind":"plain","optional":true},"meta_terms_of_use":{"type":"string","description_kind":"plain","optional":true},"name":{"type":"string","description":"The human-readable name of the object. It supports the full UTF-8 character set, with a maximum of 64 characters","description_kind":"plain","required":true},"object_storage_path":{"type":"string","description":"Path to the images for the application, must be in .gz format and started with s3//","description_kind":"plain","required":true},"publish":{"type":"bool","description":"Whether you want to publish your application or not","description_kind":"plain","optional":true},"publish_global_requested_date":{"type":"string","description":"The date when a partner requested their tenants template to be published","description_kind":"plain","computed":true},"publish_requested_date":{"type":"string","description":"The date when the tenant requested their template to be published","description_kind":"plain","computed":true},"published_date":{"type":"string","description":"The date when the template is published into other tenant in the same partner","description_kind":"plain","computed":true},"published_global_date":{"type":"string","description":"The date when a template is published to other partner","description_kind":"plain","computed":true},"setup_cores":{"type":"number","description":"Number of server's cores","description_kind":"plain","required":true},"setup_memory":{"type":"number","description":"The capacity of server's memory in GB","description_kind":"plain","required":true},"setup_storage_capacity":{"type":"number","description":"The capacity of server's storage in GB","description_kind":"plain","required":true},"status":{"type":"string","description":"status indicates the status of the object","description_kind":"plain","computed":true},"type":{"type":"string","description":"The type of template","description_kind":"plain","computed":true},"unique_hash":{"type":"string","description":"Unique hash to allow user to import the self-created marketplace application","description_kind":"plain","computed":true}},"block_types":{"timeouts":{"nesting_mode":"single","block":{"attributes":{"create":{"type":"string","description_kind":"plain","optional":true},"delete":{"type":"string","description_kind":"plain","optional":true},"update":{"type":"string","description_kind":"plain","optional":true}},"description_kind":"plain"}}},"description_kind":"plain"}},"gridscale_marketplace_application_import":{"version":0,"block":{"attributes":{"category":{"type":"string","description":"Category of marketplace application. Accepted values: \"CMS\", \"project management\", \"Adminpanel\", \"Collaboration\", \"Cloud Storage\", \"Archiving\"","description_kind":"plain","computed":true},"change_time":{"type":"string","description":"Defines the date and time of the last object change","description_kind":"plain","computed":true},"create_time":{"type":"string","description":"Defines the date and time the object was initially created","description_kind":"plain","computed":true},"id":{"type":"string","description_kind":"plain","optional":true,"computed":true},"import_unique_hash":{"type":"string","description":"Hash of a specific marketplace application that you want to import","description_kind":"plain","required":true},"is_application_owner":{"type":"bool","description":"Whether the you are the owner of application or not","description_kind":"plain","computed":true},"is_publish_global":{"type":"bool","description":"Whether a template is published to other partner or not","description_kind":"plain","computed":true},"is_publish_global_requested":{"type":"bool","description":"Whether a partner wants their tenant template published to other partners","description_kind":"plain","computed":true},"is_publish_requested":{"type":"bool","description":"Whether the tenants want their template to be published or not","description_kind":"plain","computed":true},"is_published":{"type":"bool","description":"Whether the template is published by the partner to their tenant","description_kind":"plain","computed":true},"meta_advices":{"type":"string","description_kind":"plain","computed":true},"meta_author":{"type":"string","description_kind":"plain","computed":true},"meta_components":{"type":["set","string"],"description_kind":"plain","computed":true},"meta_features":{"type":"string","description_kind":"plain","computed":true},"meta_hints":{"type":"string","description_kind":"plain","computed":true},"meta_icon":{"type":"string","description_kind":"plain","computed":true},"meta_license":{"type":"string","description_kind":"plain","computed":true},"meta_os":{"type":"string","description_kind":"plain","computed":true},"meta_overview":{"type":"string","description_kind":"plain","computed":true},"meta_terms_of_use":{"type":"string","description_kind":"plain","computed":true},"name":{"type":"string","description":"The human-readable name of the object. It supports the full UTF-8 character set, with a maximum of 64 characters","description_kind":"plain","computed":true},"object_storage_path":{"type":"string","description":"Path to the images for the application, must be in .gz format and started with s3//","description_kind":"plain","computed":true},"publish_global_requested_date":{"type":"string","description":"The date when a partner requested their tenants template to be published","description_kind":"plain","computed":true},"publish_requested_date":{"type":"string","description":"The date when the tenant requested their template to be published","description_kind":"plain","computed":true},"published_date":{"type":"string","description":"The date when the template is published into other tenant in the same partner","description_kind":"plain","computed":true},"published_global_date":{"type":"string","description":"The date when a template is published to other partner","description_kind":"plain","computed":true},"setup_cores":{"type":"number","description":"Number of server's cores","description_kind":"plain","computed":true},"setup_memory":{"type":"number","description":"The capacity of server's memory in GB","description_kind":"plain","computed":true},"setup_storage_capacity":{"type":"number","description":"The capacity of server's storage in GB","description_kind":"plain","computed":true},"status":{"type":"string","description":"status indicates the status of the object","description_kind":"plain","computed":true},"type":{"type":"string","description":"The type of template","description_kind":"plain","computed":true},"unique_hash":{"type":"string","description":"Unique hash to allow user to import the self-created marketplace application","description_kind":"plain","computed":true}},"block_types":{"timeouts":{"nesting_mode":"single","block":{"attributes":{"create":{"type":"string","description_kind":"plain","optional":true},"delete":{"type":"string","description_kind":"plain","optional":true},"update":{"type":"string","description_kind":"plain","optional":true}},"description_kind":"plain"}}},"description_kind":"plain"}},"gridscale_network":{"version":0,"block":{"attributes":{"change_time":{"type":"string","description":"The date and time of the last object change","description_kind":"plain","computed":true},"create_time":{"type":"string","description":"The date and time the object was initially created","description_kind":"plain","computed":true},"delete_block":{"type":"bool","description":"If deleting this network is allowed","description_kind":"plain","computed":true},"id":{"type":"string","description_kind":"plain","optional":true,"computed":true},"l2security":{"type":"bool","description":"MAC spoofing protection - filters layer2 and ARP traffic based on source MAC","description_kind":"plain","optional":true},"labels":{"type":["set","string"],"description":"List of labels.","description_kind":"plain","optional":true},"location_country":{"type":"string","description":"Formatted by the 2 digit country code (ISO 3166-2) of the host country","description_kind":"plain","computed":true},"location_iata":{"type":"string","description":"Uses IATA airport code, which works as a location identifier","description_kind":"plain","computed":true},"location_name":{"type":"string","description":"The human-readable name of the location. It supports the full UTF-8 character set, with a maximum of 64 characters","description_kind":"plain","computed":true},"location_uuid":{"type":"string","description":"Helps to identify which datacenter an object belongs to","description_kind":"plain","computed":true},"name":{"type":"string","description":"The human-readable name of the object. It supports the full UTF-8 character set, with a maximum of 64 characters.","description_kind":"plain","required":true},"network_type":{"type":"string","description":"The type of this network, can be mpls, breakout or network.","description_kind":"plain","computed":true},"status":{"type":"string","description":"status indicates the status of the object","description_kind":"plain","computed":true}},"block_types":{"timeouts":{"nesting_mode":"single","block":{"attributes":{"create":{"type":"string","description_kind":"plain","optional":true},"delete":{"type":"string","description_kind":"plain","optional":true},"update":{"type":"string","description_kind":"plain","optional":true}},"description_kind":"plain"}}},"description_kind":"plain"}},"gridscale_object_storage_accesskey":{"version":0,"block":{"attributes":{"access_key":{"type":"string","description":"The object storage secret_key.","description_kind":"plain","computed":true},"id":{"type":"string","description_kind":"plain","optional":true,"computed":true},"secret_key":{"type":"string","description":"The object storage access_key.","description_kind":"plain","computed":true}},"block_types":{"timeouts":{"nesting_mode":"single","block":{"attributes":{"create":{"type":"string","description_kind":"plain","optional":true},"delete":{"type":"string","description_kind":"plain","optional":true}},"description_kind":"plain"}}},"description_kind":"plain"}},"gridscale_paas":{"version":0,"block":{"attributes":{"change_time":{"type":"string","description":"Time of the last change","description_kind":"plain","computed":true},"create_time":{"type":"string","description":"Time of the creation","description_kind":"plain","computed":true},"current_price":{"type":"number","description":"Current price of PaaS service","description_kind":"plain","computed":true},"id":{"type":"string","description_kind":"plain","optional":true,"computed":true},"kubeconfig":{"type":"string","description":"K8s config data","description_kind":"plain","computed":true},"labels":{"type":["set","string"],"description":"List of labels.","description_kind":"plain","optional":true},"listen_port":{"type":["set",["object",{"name":"string","port":"number"}]],"description":"Ports that PaaS service listens to","description_kind":"plain","computed":true},"name":{"type":"string","description":"The human-readable name of the object. It supports the full UTF-8 character set, with a maximum of 64 characters","description_kind":"plain","required":true},"network_uuid":{"type":"string","description":"Network UUID containing security zone","description_kind":"plain","computed":true},"password":{"type":"string","description":"Password for PaaS service","description_kind":"plain","computed":true},"security_zone_uuid":{"type":"string","description":"Security zone UUID linked to PaaS service","description_kind":"plain","optional":true,"computed":true},"service_template_uuid":{"type":"string","description":"Template that PaaS service uses","description_kind":"plain","required":true},"service_template_uuid_computed":{"type":"string","description":"Template that PaaS service uses. The `service_template_uuid_computed` will be different from `service_template_uuid`, when `service_template_uuid` is updated outside of terraform.","description_kind":"plain","computed":true},"status":{"type":"string","description":"Current status of PaaS service","description_kind":"plain","computed":true},"usage_in_minute":{"type":"number","description":"Number of minutes that PaaS service is in use","description_kind":"plain","computed":true},"username":{"type":"string","description":"Username for PaaS service","description_kind":"plain","computed":true}},"block_types":{"parameter":{"nesting_mode":"set","block":{"attributes":{"param":{"type":"string","description_kind":"plain","required":true},"type":{"type":"string","description_kind":"plain","required":true},"value":{"type":"string","description_kind":"plain","required":true}},"description_kind":"plain"}},"resource_limit":{"nesting_mode":"set","block":{"attributes":{"limit":{"type":"number","description_kind":"plain","required":true},"resource":{"type":"string","description_kind":"plain","required":true}},"description_kind":"plain"}},"timeouts":{"nesting_mode":"single","block":{"attributes":{"create":{"type":"string","description_kind":"plain","optional":true},"delete":{"type":"string","description_kind":"plain","optional":true},"update":{"type":"string","description_kind":"plain","optional":true}},"description_kind":"plain"}}},"description_kind":"plain"}},"gridscale_paas_securityzone":{"version":0,"block":{"attributes":{"change_time":{"type":"string","description":"Defines the date and time of the last object change","description_kind":"plain","computed":true},"create_time":{"type":"string","description":"Defines the date and time the object was initially created","description_kind":"plain","computed":true},"id":{"type":"string","description_kind":"plain","optional":true,"computed":true},"labels":{"type":["set","string"],"description":"List of labels.","description_kind":"plain","optional":true},"location_country":{"type":"string","description":"The human-readable name of the location","description_kind":"plain","computed":true},"location_iata":{"type":"string","description":"Uses IATA airport code, which works as a location identifier","description_kind":"plain","computed":true},"location_name":{"type":"string","description":"The human-readable name of the location","description_kind":"plain","computed":true},"location_uuid":{"type":"string","description":"Helps to identify which datacenter an object belongs to","description_kind":"plain","optional":true,"computed":true},"name":{"type":"string","description":"The human-readable name of the object","description_kind":"plain","required":true},"relations":{"type":["set","string"],"description":"List of PaaS services' UUIDs relating to the security zone","description_kind":"plain","computed":true},"status":{"type":"string","description":"Status indicates the status of the object","description_kind":"plain","computed":true}},"block_types":{"timeouts":{"nesting_mode":"single","block":{"attributes":{"create":{"type":"string","description_kind":"plain","optional":true},"delete":{"type":"string","description_kind":"plain","optional":true},"update":{"type":"string","description_kind":"plain","optional":true}},"description_kind":"plain"}}},"description_kind":"plain"}},"gridscale_postgresql":{"version":0,"block":{"attributes":{"change_time":{"type":"string","description":"Time of the last change.","description_kind":"plain","computed":true},"create_time":{"type":"string","description":"Date time this service has been created.","description_kind":"plain","computed":true},"id":{"type":"string","description_kind":"plain","optional":true,"computed":true},"labels":{"type":["set","string"],"description":"List of labels.","description_kind":"plain","optional":true},"listen_port":{"type":["set",["object",{"name":"string","port":"number"}]],"description":"The port numbers where this PostgreSQL service accepts connections.","description_kind":"plain","computed":true},"max_core_count":{"type":"number","description":"Maximum CPU core count. The PostgreSQL instance's CPU core count will be autoscaled based on the workload. The number of cores stays between 1 and `max_core_count`.","description_kind":"plain","optional":true,"computed":true},"name":{"type":"string","description":"The human-readable name of the object. It supports the full UTF-8 character set, with a maximum of 64 characters.","description_kind":"plain","required":true},"network_uuid":{"type":"string","description":"Network UUID containing security zone.","description_kind":"plain","computed":true},"password":{"type":"string","description":"Password for PostgreSQL service. It is used to connect to the PostgreSQL instance.","description_kind":"plain","computed":true},"performance_class":{"type":"string","description":"Performance class of PostgreSQL service.","description_kind":"plain","required":true},"release":{"type":"string","description":"The PostgreSQL release of this instance.\\n\n\t\t\t\tFor convenience, please use gscloud https://github.com/gridscale/gscloud to get the list of available PostgreSQL service releases.","description_kind":"plain","required":true},"security_zone_uuid":{"type":"string","description":"Security zone UUID linked to PostgreSQL service.","description_kind":"plain","optional":true,"computed":true},"service_template_uuid":{"type":"string","description":"PaaS service template that PostgreSQL service uses.","description_kind":"plain","computed":true},"status":{"type":"string","description":"Current status of PostgreSQL service.","description_kind":"plain","computed":true},"usage_in_minutes":{"type":"number","description":"Number of minutes that PostgreSQL service is in use.","description_kind":"plain","computed":true},"username":{"type":"string","description":"Username for PostgreSQL service. It is used to connect to the PostgreSQL instance.","description_kind":"plain","computed":true}},"block_types":{"timeouts":{"nesting_mode":"single","block":{"attributes":{"create":{"type":"string","description_kind":"plain","optional":true},"delete":{"type":"string","description_kind":"plain","optional":true},"update":{"type":"string","description_kind":"plain","optional":true}},"description_kind":"plain"}}},"description_kind":"plain"}},"gridscale_server":{"version":0,"block":{"attributes":{"auto_recovery":{"type":"bool","description":"If the server should be auto-started in case of a failure (default=true).","description_kind":"plain","optional":true,"computed":true},"availability_zone":{"type":"string","description":"Defines which Availability-Zone the Server is placed.","description_kind":"plain","optional":true,"computed":true},"change_time":{"type":"string","description_kind":"plain","computed":true},"console_token":{"type":"string","description":"The token used by the panel to open the websocket VNC connection to the server console.","description_kind":"plain","computed":true},"cores":{"type":"number","description":"The number of server cores.","description_kind":"plain","required":true},"create_time":{"type":"string","description_kind":"plain","computed":true},"current_price":{"type":"number","description_kind":"plain","computed":true},"hardware_profile":{"type":"string","description":"The number of server cores.","description_kind":"plain","optional":true},"id":{"type":"string","description_kind":"plain","optional":true,"computed":true},"ipv4":{"type":"string","description_kind":"plain","optional":true},"ipv6":{"type":"string","description_kind":"plain","optional":true},"isoimage":{"type":"string","description_kind":"plain","optional":true},"labels":{"type":["set","string"],"description":"List of labels.","description_kind":"plain","optional":true},"legacy":{"type":"bool","description":"Legacy-Hardware emulation instead of virtio hardware. If enabled, hotplugging cores, memory, storage, network, etc. will not work, but the server will most likely run every x86 compatible operating system. This mode comes with a performance penalty, as emulated hardware does not benefit from the virtio driver infrastructure.","description_kind":"plain","computed":true},"location_uuid":{"type":"string","description":"Helps to identify which datacenter an object belongs to.","description_kind":"plain","computed":true},"memory":{"type":"number","description":"The amount of server memory in GB.","description_kind":"plain","required":true},"name":{"type":"string","description":"The human-readable name of the object. It supports the full UTF-8 character set, with a maximum of 64 characters","description_kind":"plain","required":true},"power":{"type":"bool","description":"The number of server cores.","description_kind":"plain","optional":true,"computed":true},"status":{"type":"string","description_kind":"plain","computed":true},"usage_in_minutes_cores":{"type":"number","description_kind":"plain","computed":true},"usage_in_minutes_memory":{"type":"number","description_kind":"plain","computed":true}},"block_types":{"network":{"nesting_mode":"list","block":{"attributes":{"bootdevice":{"type":"bool","description_kind":"plain","optional":true,"computed":true},"create_time":{"type":"string","description_kind":"plain","computed":true},"firewall_template_uuid":{"type":"string","description_kind":"plain","optional":true},"mac":{"type":"string","description_kind":"plain","computed":true},"network_type":{"type":"string","description_kind":"plain","computed":true},"object_name":{"type":"string","description_kind":"plain","computed":true},"object_uuid":{"type":"string","description_kind":"plain","required":true},"ordering":{"type":"number","description_kind":"plain","optional":true}},"block_types":{"rules_v4_in":{"nesting_mode":"list","block":{"attributes":{"action":{"type":"string","description":"This defines what the firewall will do. Either accept or drop.","description_kind":"plain","required":true},"comment":{"type":"string","description":"Comment.","description_kind":"plain","optional":true},"dst_cidr":{"type":"string","description":"Either an IPv4/6 address or and IP Network in CIDR format. If this field is empty then all IPs have access to this service.","description_kind":"plain","optional":true},"dst_port":{"type":"string","description":"A Number between 1 and 65535, port ranges are seperated by a colon for FTP","description_kind":"plain","optional":true},"order":{"type":"number","description":"The order at which the firewall will compare packets against its rules.\nA packet will be compared against the first rule, it will either allow it to pass or block it\nand it won't be matched against any other rules. However, if it does no match the rule,\nthen it will proceed onto rule 2. Packets that do not match any rules are blocked by default (Only for inbound).","description_kind":"plain","required":true},"protocol":{"type":"string","description":"Either 'udp' or 'tcp'","description_kind":"plain","required":true},"src_cidr":{"type":"string","description":"Either an IPv4/6 address or and IP Network in CIDR format. If this field is empty then this service has access to all IPs.","description_kind":"plain","optional":true},"src_port":{"type":"string","description":"A Number between 1 and 65535, port ranges are seperated by a colon for FTP","description_kind":"plain","optional":true}},"description_kind":"plain"}},"rules_v4_out":{"nesting_mode":"list","block":{"attributes":{"action":{"type":"string","description":"This defines what the firewall will do. Either accept or drop.","description_kind":"plain","required":true},"comment":{"type":"string","description":"Comment.","description_kind":"plain","optional":true},"dst_cidr":{"type":"string","description":"Either an IPv4/6 address or and IP Network in CIDR format. If this field is empty then all IPs have access to this service.","description_kind":"plain","optional":true},"dst_port":{"type":"string","description":"A Number between 1 and 65535, port ranges are seperated by a colon for FTP","description_kind":"plain","optional":true},"order":{"type":"number","description":"The order at which the firewall will compare packets against its rules.\nA packet will be compared against the first rule, it will either allow it to pass or block it\nand it won't be matched against any other rules. However, if it does no match the rule,\nthen it will proceed onto rule 2. Packets that do not match any rules are blocked by default (Only for inbound).","description_kind":"plain","required":true},"protocol":{"type":"string","description":"Either 'udp' or 'tcp'","description_kind":"plain","required":true},"src_cidr":{"type":"string","description":"Either an IPv4/6 address or and IP Network in CIDR format. If this field is empty then this service has access to all IPs.","description_kind":"plain","optional":true},"src_port":{"type":"string","description":"A Number between 1 and 65535, port ranges are seperated by a colon for FTP","description_kind":"plain","optional":true}},"description_kind":"plain"}},"rules_v6_in":{"nesting_mode":"list","block":{"attributes":{"action":{"type":"string","description":"This defines what the firewall will do. Either accept or drop.","description_kind":"plain","required":true},"comment":{"type":"string","description":"Comment.","description_kind":"plain","optional":true},"dst_cidr":{"type":"string","description":"Either an IPv4/6 address or and IP Network in CIDR format. If this field is empty then all IPs have access to this service.","description_kind":"plain","optional":true},"dst_port":{"type":"string","description":"A Number between 1 and 65535, port ranges are seperated by a colon for FTP","description_kind":"plain","optional":true},"order":{"type":"number","description":"The order at which the firewall will compare packets against its rules.\nA packet will be compared against the first rule, it will either allow it to pass or block it\nand it won't be matched against any other rules. However, if it does no match the rule,\nthen it will proceed onto rule 2. Packets that do not match any rules are blocked by default (Only for inbound).","description_kind":"plain","required":true},"protocol":{"type":"string","description":"Either 'udp' or 'tcp'","description_kind":"plain","required":true},"src_cidr":{"type":"string","description":"Either an IPv4/6 address or and IP Network in CIDR format. If this field is empty then this service has access to all IPs.","description_kind":"plain","optional":true},"src_port":{"type":"string","description":"A Number between 1 and 65535, port ranges are seperated by a colon for FTP","description_kind":"plain","optional":true}},"description_kind":"plain"}},"rules_v6_out":{"nesting_mode":"list","block":{"attributes":{"action":{"type":"string","description":"This defines what the firewall will do. Either accept or drop.","description_kind":"plain","required":true},"comment":{"type":"string","description":"Comment.","description_kind":"plain","optional":true},"dst_cidr":{"type":"string","description":"Either an IPv4/6 address or and IP Network in CIDR format. If this field is empty then all IPs have access to this service.","description_kind":"plain","optional":true},"dst_port":{"type":"string","description":"A Number between 1 and 65535, port ranges are seperated by a colon for FTP","description_kind":"plain","optional":true},"order":{"type":"number","description":"The order at which the firewall will compare packets against its rules.\nA packet will be compared against the first rule, it will either allow it to pass or block it\nand it won't be matched against any other rules. However, if it does no match the rule,\nthen it will proceed onto rule 2. Packets that do not match any rules are blocked by default (Only for inbound).","description_kind":"plain","required":true},"protocol":{"type":"string","description":"Either 'udp' or 'tcp'","description_kind":"plain","required":true},"src_cidr":{"type":"string","description":"Either an IPv4/6 address or and IP Network in CIDR format. If this field is empty then this service has access to all IPs.","description_kind":"plain","optional":true},"src_port":{"type":"string","description":"A Number between 1 and 65535, port ranges are seperated by a colon for FTP","description_kind":"plain","optional":true}},"description_kind":"plain"}}},"description_kind":"plain"},"max_items":7},"storage":{"nesting_mode":"list","block":{"attributes":{"bootdevice":{"type":"bool","description_kind":"plain","computed":true},"bus":{"type":"number","description_kind":"plain","computed":true},"capacity":{"type":"number","description_kind":"plain","computed":true},"controller":{"type":"number","description_kind":"plain","computed":true},"create_time":{"type":"string","description_kind":"plain","computed":true},"last_used_template":{"type":"string","description_kind":"plain","computed":true},"license_product_no":{"type":"number","description_kind":"plain","computed":true},"lun":{"type":"number","description_kind":"plain","computed":true},"object_name":{"type":"string","description_kind":"plain","computed":true},"object_uuid":{"type":"string","description_kind":"plain","required":true},"storage_type":{"type":"string","description_kind":"plain","computed":true},"target":{"type":"number","description_kind":"plain","computed":true}},"description_kind":"plain"},"max_items":8},"timeouts":{"nesting_mode":"single","block":{"attributes":{"create":{"type":"string","description_kind":"plain","optional":true},"delete":{"type":"string","description_kind":"plain","optional":true},"update":{"type":"string","description_kind":"plain","optional":true}},"description_kind":"plain"}}},"description_kind":"plain"}},"gridscale_snapshot":{"version":0,"block":{"attributes":{"capacity":{"type":"number","description":"The capacity of a storage/ISO image/template/snapshot in GB","description_kind":"plain","computed":true},"change_time":{"type":"string","description":"Defines the date and time of the last object change","description_kind":"plain","computed":true},"create_time":{"type":"string","description":"Defines the date and time the object was initially created","description_kind":"plain","computed":true},"current_price":{"type":"number","description":"The price for the current period since the last bill","description_kind":"plain","computed":true},"id":{"type":"string","description_kind":"plain","optional":true,"computed":true},"labels":{"type":["set","string"],"description":"List of labels.","description_kind":"plain","optional":true},"license_product_no":{"type":"number","description":"If a template has been used that requires a license key (e.g. Windows Servers) this shows\nthe product_no of the license (see the /prices endpoint for more details)","description_kind":"plain","computed":true},"location_country":{"type":"string","description":"The human-readable name of the location","description_kind":"plain","computed":true},"location_iata":{"type":"string","description":"Uses IATA airport code, which works as a location identifier","description_kind":"plain","computed":true},"location_name":{"type":"string","description":"The human-readable name of the location","description_kind":"plain","computed":true},"location_uuid":{"type":"string","description":"Helps to identify which datacenter an object belongs to","description_kind":"plain","computed":true},"name":{"type":"string","description":"The human-readable name of the object","description_kind":"plain","required":true},"status":{"type":"string","description":"Status indicates the status of the object","description_kind":"plain","computed":true},"storage_uuid":{"type":"string","description":"Uuid of the storage used to create this snapshot","description_kind":"plain","required":true},"usage_in_minutes":{"type":"number","description":"Total minutes the object has been running","description_kind":"plain","computed":true}},"block_types":{"object_storage_export":{"nesting_mode":"set","block":{"attributes":{"access_key":{"type":"string","description":"Access key","description_kind":"plain","required":true},"bucket":{"type":"string","description":"Bucket name","description_kind":"plain","required":true},"host":{"type":"string","description":"Host of object storage. Must be of URL type. E.g: https://gos3.io","description_kind":"plain","required":true},"object":{"type":"string","description":"Name of file (include file path)","description_kind":"plain","required":true},"private":{"type":"bool","description_kind":"plain","required":true},"secret_key":{"type":"string","description":"Secret key","description_kind":"plain","required":true},"status":{"type":"string","description_kind":"plain","computed":true}},"description_kind":"plain"}},"rollback":{"nesting_mode":"set","block":{"attributes":{"id":{"type":"string","description":"ID of the rollback request. Each rollback request has to have a unique id. ID can be any string value.","description_kind":"plain","required":true},"rollback_time":{"type":"string","description_kind":"plain","computed":true},"status":{"type":"string","description_kind":"plain","computed":true}},"description_kind":"plain"}},"timeouts":{"nesting_mode":"single","block":{"attributes":{"create":{"type":"string","description_kind":"plain","optional":true},"delete":{"type":"string","description_kind":"plain","optional":true},"update":{"type":"string","description_kind":"plain","optional":true}},"description_kind":"plain"}}},"description_kind":"plain"}},"gridscale_snapshotschedule":{"version":0,"block":{"attributes":{"change_time":{"type":"string","description":"Defines the date and time of the last object change","description_kind":"plain","computed":true},"create_time":{"type":"string","description":"Defines the date and time the object was initially created","description_kind":"plain","computed":true},"id":{"type":"string","description_kind":"plain","optional":true,"computed":true},"keep_snapshots":{"type":"number","description":"The amount of Snapshots to keep before overwriting the last created Snapshot","description_kind":"plain","required":true},"labels":{"type":["set","string"],"description":"List of labels.","description_kind":"plain","optional":true},"name":{"type":"string","description":"The human-readable name of the object","description_kind":"plain","required":true},"next_runtime":{"type":"string","description":"The date and time that the snapshot schedule will be run","description_kind":"plain","optional":true},"next_runtime_computed":{"type":"string","description":"The date and time that the snapshot schedule will be run. This date and time is computed by gridscale's server.","description_kind":"plain","computed":true},"run_interval":{"type":"number","description":"The interval at which the schedule will run (in minutes)","description_kind":"plain","required":true},"snapshot":{"type":["set",["object",{"create_time":"string","name":"string","object_uuid":"string"}]],"description":"Related snashots","description_kind":"plain","computed":true},"status":{"type":"string","description":"Status indicates the status of the object","description_kind":"plain","computed":true},"storage_uuid":{"type":"string","description":"Uuid of the storage used to create snapshots","description_kind":"plain","required":true}},"block_types":{"timeouts":{"nesting_mode":"single","block":{"attributes":{"create":{"type":"string","description_kind":"plain","optional":true},"delete":{"type":"string","description_kind":"plain","optional":true},"update":{"type":"string","description_kind":"plain","optional":true}},"description_kind":"plain"}}},"description_kind":"plain"}},"gridscale_sshkey":{"version":0,"block":{"attributes":{"change_time":{"type":"string","description":"The date and time of the last object change","description_kind":"plain","computed":true},"create_time":{"type":"string","description":"The date and time the object was initially created","description_kind":"plain","computed":true},"id":{"type":"string","description_kind":"plain","optional":true,"computed":true},"labels":{"type":["set","string"],"description":"List of labels.","description_kind":"plain","optional":true},"name":{"type":"string","description":"The human-readable name of the object. It supports the full UTF-8 character set, with a maximum of 64 characters.","description_kind":"plain","required":true},"sshkey":{"type":"string","description":"sshkey_string is the OpenSSH public key string (all key types are supported =\u003e ed25519, ecdsa, dsa, rsa, rsa1)","description_kind":"plain","required":true},"status":{"type":"string","description_kind":"plain","computed":true}},"block_types":{"timeouts":{"nesting_mode":"single","block":{"attributes":{"create":{"type":"string","description_kind":"plain","optional":true},"delete":{"type":"string","description_kind":"plain","optional":true},"update":{"type":"string","description_kind":"plain","optional":true}},"description_kind":"plain"}}},"description_kind":"plain"}},"gridscale_storage":{"version":0,"block":{"attributes":{"capacity":{"type":"number","description":"The capacity of a storage in GB.","description_kind":"plain","required":true},"change_time":{"type":"string","description":"Defines the date and time of the last object change.","description_kind":"plain","computed":true},"create_time":{"type":"string","description":"Defines the date and time the object was initially created.","description_kind":"plain","computed":true},"current_price":{"type":"number","description_kind":"plain","computed":true},"id":{"type":"string","description_kind":"plain","optional":true,"computed":true},"labels":{"type":["set","string"],"description":"List of labels.","description_kind":"plain","optional":true},"last_used_template":{"type":"string","description_kind":"plain","computed":true},"license_product_no":{"type":"number","description":"If a template has been used that requires a license key (e.g. Windows Servers) this shows the product_no of the license (see the /prices endpoint for more details).","description_kind":"plain","computed":true},"location_country":{"type":"string","description":"Formatted by the 2 digit country code (ISO 3166-2) of the host country.","description_kind":"plain","computed":true},"location_iata":{"type":"string","description":"Uses IATA airport code, which works as a location identifier.","description_kind":"plain","computed":true},"location_name":{"type":"string","description":"The human-readable name of the location. It supports the full UTF-8 character set, with a maximum of 64 characters.","description_kind":"plain","computed":true},"location_uuid":{"type":"string","description":"Helps to identify which datacenter an object belongs to.","description_kind":"plain","computed":true},"name":{"type":"string","description":"The human-readable name of the object. It supports the full UTF-8 character set, with a maximum of 64 characters.","description_kind":"plain","required":true},"parent_uuid":{"type":"string","description_kind":"plain","computed":true},"rollback_from_backup_uuid":{"type":"string","description":"Rollback the storage from a specific storage backup.","description_kind":"plain","optional":true},"status":{"type":"string","description":"status indicates the status of the object.","description_kind":"plain","computed":true},"storage_type":{"type":"string","description":"(one of storage, storage_high, storage_insane)","description_kind":"plain","optional":true},"usage_in_minutes":{"type":"number","description_kind":"plain","computed":true}},"block_types":{"template":{"nesting_mode":"list","block":{"attributes":{"hostname":{"type":"string","description_kind":"plain","optional":true},"password":{"type":"string","description_kind":"plain","optional":true},"password_type":{"type":"string","description_kind":"plain","optional":true},"sshkeys":{"type":["list","string"],"description_kind":"plain","optional":true},"template_uuid":{"type":"string","description_kind":"plain","required":true}},"description_kind":"plain"},"max_items":1},"timeouts":{"nesting_mode":"single","block":{"attributes":{"create":{"type":"string","description_kind":"plain","optional":true},"delete":{"type":"string","description_kind":"plain","optional":true},"update":{"type":"string","description_kind":"plain","optional":true}},"description_kind":"plain"}}},"description_kind":"plain"}},"gridscale_storage_clone":{"version":0,"block":{"attributes":{"capacity":{"type":"number","description":"The capacity of a storage in GB.","description_kind":"plain","optional":true,"computed":true},"change_time":{"type":"string","description":"Defines the date and time of the last object change.","description_kind":"plain","computed":true},"create_time":{"type":"string","description":"Defines the date and time the object was initially created.","description_kind":"plain","computed":true},"current_price":{"type":"number","description_kind":"plain","computed":true},"id":{"type":"string","description_kind":"plain","optional":true,"computed":true},"labels":{"type":["set","string"],"description":"List of labels.","description_kind":"plain","optional":true},"last_used_template":{"type":"string","description_kind":"plain","computed":true},"license_product_no":{"type":"number","description":"If a template has been used that requires a license key (e.g. Windows Servers) this shows the product_no of the license (see the /prices endpoint for more details).","description_kind":"plain","computed":true},"location_country":{"type":"string","description":"Formatted by the 2 digit country code (ISO 3166-2) of the host country.","description_kind":"plain","computed":true},"location_iata":{"type":"string","description":"Uses IATA airport code, which works as a location identifier.","description_kind":"plain","computed":true},"location_name":{"type":"string","description":"The human-readable name of the location. It supports the full UTF-8 character set, with a maximum of 64 characters.","description_kind":"plain","computed":true},"location_uuid":{"type":"string","description":"Identifies the data center this object belongs to.","description_kind":"plain","computed":true},"name":{"type":"string","description":"The human-readable name of the object. It supports the full UTF-8 character set, with a maximum of 64 characters.","description_kind":"plain","optional":true,"computed":true},"parent_uuid":{"type":"string","description_kind":"plain","computed":true},"source_storage_id":{"type":"string","description":"ID of the storage instance that will be cloned.","description_kind":"plain","required":true},"status":{"type":"string","description":"status indicates the status of the object.","description_kind":"plain","computed":true},"storage_type":{"type":"string","description":"(one of storage, storage_high, storage_insane)","description_kind":"plain","optional":true,"computed":true},"usage_in_minutes":{"type":"number","description_kind":"plain","computed":true}},"block_types":{"timeouts":{"nesting_mode":"single","block":{"attributes":{"create":{"type":"string","description_kind":"plain","optional":true},"delete":{"type":"string","description_kind":"plain","optional":true},"update":{"type":"string","description_kind":"plain","optional":true}},"description_kind":"plain"}}},"description_kind":"plain"}},"gridscale_storage_import":{"version":0,"block":{"attributes":{"capacity":{"type":"number","description":"The capacity of a storage in GB.","description_kind":"plain","optional":true,"computed":true},"change_time":{"type":"string","description":"Defines the date and time of the last object change.","description_kind":"plain","computed":true},"create_time":{"type":"string","description":"Defines the date and time the object was initially created.","description_kind":"plain","computed":true},"current_price":{"type":"number","description_kind":"plain","computed":true},"id":{"type":"string","description_kind":"plain","optional":true,"computed":true},"labels":{"type":["set","string"],"description":"List of labels.","description_kind":"plain","optional":true},"last_used_template":{"type":"string","description_kind":"plain","computed":true},"license_product_no":{"type":"number","description":"If a template has been used that requires a license key (e.g. Windows Servers) this shows the product_no of the license (see the /prices endpoint for more details).","description_kind":"plain","computed":true},"location_country":{"type":"string","description":"Formatted by the 2 digit country code (ISO 3166-2) of the host country.","description_kind":"plain","computed":true},"location_iata":{"type":"string","description":"Uses IATA airport code, which works as a location identifier.","description_kind":"plain","computed":true},"location_name":{"type":"string","description":"The human-readable name of the location. It supports the full UTF-8 character set, with a maximum of 64 characters.","description_kind":"plain","computed":true},"location_uuid":{"type":"string","description":"Identifies the data center this object belongs to.","description_kind":"plain","computed":true},"name":{"type":"string","description":"The human-readable name of the object. It supports the full UTF-8 character set, with a maximum of 64 characters.","description_kind":"plain","required":true},"parent_uuid":{"type":"string","description_kind":"plain","computed":true},"status":{"type":"string","description":"status indicates the status of the object.","description_kind":"plain","computed":true},"storage_backup_id":{"type":"string","description":"ID of the storage backup that will be used to create a new storage from.","description_kind":"plain","required":true},"storage_type":{"type":"string","description":"(one of storage, storage_high, storage_insane)","description_kind":"plain","optional":true,"computed":true},"usage_in_minutes":{"type":"number","description_kind":"plain","computed":true}},"block_types":{"timeouts":{"nesting_mode":"single","block":{"attributes":{"create":{"type":"string","description_kind":"plain","optional":true},"delete":{"type":"string","description_kind":"plain","optional":true},"update":{"type":"string","description_kind":"plain","optional":true}},"description_kind":"plain"}}},"description_kind":"plain"}},"gridscale_template":{"version":0,"block":{"attributes":{"capacity":{"type":"number","description":"The capacity of a storage/ISO image/template/snapshot in GB.","description_kind":"plain","computed":true},"change_time":{"type":"string","description":"The date and time of the last object change.","description_kind":"plain","computed":true},"create_time":{"type":"string","description":"The date and time the object was initially created.","description_kind":"plain","computed":true},"current_price":{"type":"number","description":"Defines the price for the current period since the last bill.","description_kind":"plain","computed":true},"description":{"type":"string","description":"Description of the template.","description_kind":"plain","computed":true},"distro":{"type":"string","description":"The OS distribution that the template contains.","description_kind":"plain","computed":true},"id":{"type":"string","description_kind":"plain","optional":true,"computed":true},"labels":{"type":["set","string"],"description":"List of labels.","description_kind":"plain","optional":true},"license_product_no":{"type":"number","description":"If a template has been used that requires a license key (e.g. Windows Servers) this shows the product_no of the license (see the /prices endpoint for more details).","description_kind":"plain","computed":true},"location_country":{"type":"string","description":"Formatted by the 2 digit country code (ISO 3166-2) of the host country","description_kind":"plain","computed":true},"location_iata":{"type":"string","description":"Uses IATA airport code, which works as a location identifier","description_kind":"plain","computed":true},"location_name":{"type":"string","description":"The human-readable name of the location. It supports the full UTF-8 character set, with a maximum of 64 characters","description_kind":"plain","computed":true},"location_uuid":{"type":"string","description":"Helps to identify which datacenter an object belongs to","description_kind":"plain","computed":true},"name":{"type":"string","description":"The human-readable name of the object. It supports the full UTF-8 character set, with a maximum of 64 characters.","description_kind":"plain","required":true},"ostype":{"type":"string","description":"The operating system installed in the template","description_kind":"plain","computed":true},"private":{"type":"bool","description":"The object is private, the value will be true. Otherwise the value will be false.","description_kind":"plain","computed":true},"snapshot_uuid":{"type":"string","description":"Snapshot uuid for template.","description_kind":"plain","required":true},"status":{"type":"string","description":"Status indicates the status of the object","description_kind":"plain","computed":true},"usage_in_minutes":{"type":"number","description":"Total minutes the object has been running.","description_kind":"plain","computed":true},"version":{"type":"string","description_kind":"plain","computed":true}},"block_types":{"timeouts":{"nesting_mode":"single","block":{"attributes":{"create":{"type":"string","description_kind":"plain","optional":true},"delete":{"type":"string","description_kind":"plain","optional":true},"update":{"type":"string","description_kind":"plain","optional":true}},"description_kind":"plain"}}},"description_kind":"plain"}}},"data_source_schemas":{"gridscale_backup_list":{"version":0,"block":{"attributes":{"id":{"type":"string","description_kind":"plain","optional":true,"computed":true},"storage_backups":{"type":["list",["object",{"capacity":"number","create_time":"string","name":"string","object_uuid":"string"}]],"description":"Storage's backups. The order is based on their created time. E.g: Latest backup is always the first backup in the list","description_kind":"plain","computed":true},"storage_uuid":{"type":"string","description":"UUID of the storage","description_kind":"plain","required":true}},"description_kind":"plain"}},"gridscale_backupschedule":{"version":0,"block":{"attributes":{"active":{"type":"bool","description":"The status of the schedule active or not","description_kind":"plain","computed":true},"change_time":{"type":"string","description":"Defines the date and time of the last object change","description_kind":"plain","computed":true},"create_time":{"type":"string","description":"Defines the date and time the object was initially created","description_kind":"plain","computed":true},"id":{"type":"string","description_kind":"plain","optional":true,"computed":true},"keep_backups":{"type":"number","description":"The amount of Backups to keep before overwriting the last created Backup","description_kind":"plain","computed":true},"name":{"type":"string","description":"The human-readable name of the object","description_kind":"plain","computed":true},"next_runtime":{"type":"string","description":"The date and time that the backup schedule will be run","description_kind":"plain","computed":true},"resource_id":{"type":"string","description":"ID of a resource","description_kind":"plain","required":true},"run_interval":{"type":"number","description":"The interval at which the schedule will run (in minutes)","description_kind":"plain","computed":true},"status":{"type":"string","description":"Status indicates the status of the object","description_kind":"plain","computed":true},"storage_backups":{"type":["set",["object",{"create_time":"string","name":"string","object_uuid":"string"}]],"description":"Related backups","description_kind":"plain","computed":true},"storage_uuid":{"type":"string","description":"Uuid of the storage used to create backups","description_kind":"plain","required":true}},"description_kind":"plain"}},"gridscale_firewall":{"version":0,"block":{"attributes":{"change_time":{"type":"string","description":"The date and time of the last object change.","description_kind":"plain","computed":true},"create_time":{"type":"string","description":"The date and time the object was initially created.","description_kind":"plain","computed":true},"description":{"type":"string","description":"Description of the Firewall.","description_kind":"plain","computed":true},"id":{"type":"string","description_kind":"plain","optional":true,"computed":true},"labels":{"type":["set","string"],"description":"List of labels.","description_kind":"plain","computed":true},"location_name":{"type":"string","description":"The human-readable name of the location. It supports the full UTF-8 character set, with a maximum of 64 characters","description_kind":"plain","computed":true},"name":{"type":"string","description":"The human-readable name of the object. It supports the full UTF-8 character set, with a maximum of 64 characters","description_kind":"plain","computed":true},"network":{"type":["set",["object",{"create_time":"string","network_name":"string","network_uuid":"string","object_name":"string","object_uuid":"string"}]],"description_kind":"plain","computed":true},"private":{"type":"bool","description":"The object is private, the value will be true. Otherwise the value will be false.","description_kind":"plain","computed":true},"resource_id":{"type":"string","description":"ID of a resource","description_kind":"plain","required":true},"rules_v4_in":{"type":["list",["object",{"action":"string","comment":"string","dst_cidr":"string","dst_port":"string","order":"number","protocol":"string","src_cidr":"string","src_port":"string"}]],"description_kind":"plain","computed":true},"rules_v4_out":{"type":["list",["object",{"action":"string","comment":"string","dst_cidr":"string","dst_port":"string","order":"number","protocol":"string","src_cidr":"string","src_port":"string"}]],"description_kind":"plain","computed":true},"rules_v6_in":{"type":["list",["object",{"action":"string","comment":"string","dst_cidr":"string","dst_port":"string","order":"number","protocol":"string","src_cidr":"string","src_port":"string"}]],"description_kind":"plain","computed":true},"rules_v6_out":{"type":["list",["object",{"action":"string","comment":"string","dst_cidr":"string","dst_port":"string","order":"number","protocol":"string","src_cidr":"string","src_port":"string"}]],"description_kind":"plain","computed":true},"status":{"type":"string","description":"Status indicates the status of the object","description_kind":"plain","computed":true}},"description_kind":"plain"}},"gridscale_ipv4":{"version":0,"block":{"attributes":{"change_time":{"type":"string","description":"The date and time of the last object change.","description_kind":"plain","computed":true},"create_time":{"type":"string","description":"The date and time the object was initially created.","description_kind":"plain","computed":true},"current_price":{"type":"number","description":"Defines the price for the current period since the last bill.","description_kind":"plain","computed":true},"delete_block":{"type":"bool","description":"Defines if the object is administratively blocked. If true, it can not be deleted by the user.","description_kind":"plain","computed":true},"failover":{"type":"bool","description":"Sets failover mode for this IP. If true, then this IP is no longer available for DHCP and can no longer be related to any server.","description_kind":"plain","computed":true},"id":{"type":"string","description_kind":"plain","optional":true,"computed":true},"ip":{"type":"string","description":"Defines the IP address.","description_kind":"plain","computed":true},"labels":{"type":["set","string"],"description":"List of labels.","description_kind":"plain","optional":true},"location_country":{"type":"string","description":"Formatted by the 2 digit country code (ISO 3166-2) of the host country","description_kind":"plain","computed":true},"location_iata":{"type":"string","description":"Uses IATA airport code, which works as a location identifier","description_kind":"plain","computed":true},"location_name":{"type":"string","description":"The human-readable name of the location. It supports the full UTF-8 character set, with a maximum of 64 characters","description_kind":"plain","computed":true},"location_uuid":{"type":"string","description":"Helps to identify which datacenter an object belongs to","description_kind":"plain","computed":true},"name":{"type":"string","description":"The human-readable name of the object. It supports the full UTF-8 character set, with a maximum of 64 characters.","description_kind":"plain","computed":true},"prefix":{"type":"string","description_kind":"plain","computed":true},"resource_id":{"type":"string","description":"ID of a resource","description_kind":"plain","required":true},"reverse_dns":{"type":"string","description":"Defines the reverse DNS entry for the IP address (PTR Resource Record).","description_kind":"plain","computed":true},"status":{"type":"string","description_kind":"plain","computed":true},"usage_in_minutes":{"type":"number","description_kind":"plain","computed":true}},"description_kind":"plain"}},"gridscale_ipv6":{"version":0,"block":{"attributes":{"change_time":{"type":"string","description":"The date and time of the last object change.","description_kind":"plain","computed":true},"create_time":{"type":"string","description":"The date and time the object was initially created.","description_kind":"plain","computed":true},"current_price":{"type":"number","description":"Defines the price for the current period since the last bill.","description_kind":"plain","computed":true},"delete_block":{"type":"bool","description":"Defines if the object is administratively blocked. If true, it can not be deleted by the user.","description_kind":"plain","computed":true},"failover":{"type":"bool","description":"Sets failover mode for this IP. If true, then this IP is no longer available for DHCP and can no longer be related to any server.","description_kind":"plain","computed":true},"id":{"type":"string","description_kind":"plain","optional":true,"computed":true},"ip":{"type":"string","description":"Defines the IP address.","description_kind":"plain","computed":true},"labels":{"type":["set","string"],"description":"List of labels.","description_kind":"plain","optional":true},"location_country":{"type":"string","description":"Formatted by the 2 digit country code (ISO 3166-2) of the host country","description_kind":"plain","computed":true},"location_iata":{"type":"string","description":"Uses IATA airport code, which works as a location identifier","description_kind":"plain","computed":true},"location_name":{"type":"string","description":"The human-readable name of the location. It supports the full UTF-8 character set, with a maximum of 64 characters","description_kind":"plain","computed":true},"location_uuid":{"type":"string","description":"Helps to identify which datacenter an object belongs to","description_kind":"plain","computed":true},"name":{"type":"string","description":"The human-readable name of the object. It supports the full UTF-8 character set, with a maximum of 64 characters.","description_kind":"plain","computed":true},"prefix":{"type":"string","description_kind":"plain","computed":true},"resource_id":{"type":"string","description":"ID of a resource","description_kind":"plain","required":true},"reverse_dns":{"type":"string","description":"Defines the reverse DNS entry for the IP address (PTR Resource Record).","description_kind":"plain","computed":true},"status":{"type":"string","description_kind":"plain","computed":true},"usage_in_minutes":{"type":"number","description_kind":"plain","computed":true}},"description_kind":"plain"}},"gridscale_isoimage":{"version":0,"block":{"attributes":{"capacity":{"type":"number","description":"The capacity of a storage/ISO image/template/snapshot in GB.","description_kind":"plain","computed":true},"change_time":{"type":"string","description":"The date and time of the last object change.","description_kind":"plain","computed":true},"create_time":{"type":"string","description":"The date and time the object was initially created.","description_kind":"plain","computed":true},"current_price":{"type":"number","description":"Defines the price for the current period since the last bill.","description_kind":"plain","computed":true},"description":{"type":"string","description":"Description of the ISO image.","description_kind":"plain","computed":true},"id":{"type":"string","description_kind":"plain","optional":true,"computed":true},"labels":{"type":["set","string"],"description":"List of labels.","description_kind":"plain","computed":true},"location_country":{"type":"string","description":"Formatted by the 2 digit country code (ISO 3166-2) of the host country","description_kind":"plain","computed":true},"location_iata":{"type":"string","description":"Uses IATA airport code, which works as a location identifier","description_kind":"plain","computed":true},"location_name":{"type":"string","description":"The human-readable name of the location. It supports the full UTF-8 character set, with a maximum of 64 characters","description_kind":"plain","computed":true},"location_uuid":{"type":"string","description":"Helps to identify which datacenter an object belongs to","description_kind":"plain","computed":true},"name":{"type":"string","description":"The human-readable name of the object. It supports the full UTF-8 character set, with a maximum of 64 characters.","description_kind":"plain","computed":true},"private":{"type":"bool","description":"The object is private, the value will be true. Otherwise the value will be false.","description_kind":"plain","computed":true},"resource_id":{"type":"string","description":"ID of a resource","description_kind":"plain","required":true},"server":{"type":["set",["object",{"bootdevice":"bool","create_time":"string","object_name":"string","object_uuid":"string"}]],"description":"The information about servers which are related to this ISO image.","description_kind":"plain","computed":true},"source_url":{"type":"string","description":"Contains the source URL of the ISO image that it was originally fetched from.","description_kind":"plain","computed":true},"status":{"type":"string","description":"Status indicates the status of the object","description_kind":"plain","computed":true},"usage_in_minutes":{"type":"number","description":"Total minutes the object has been running.","description_kind":"plain","computed":true},"version":{"type":"string","description":"Upstream version of the ISO image release","description_kind":"plain","computed":true}},"description_kind":"plain"}},"gridscale_loadbalancer":{"version":0,"block":{"attributes":{"algorithm":{"type":"string","description":"The algorithm used to process requests. Accepted values: roundrobin/leastconn.","description_kind":"plain","computed":true},"backend_server":{"type":["set",["object",{"host":"string","weight":"number"}]],"description":"List of backend servers.","description_kind":"plain","computed":true},"forwarding_rule":{"type":["set",["object",{"letsencrypt_ssl":"string","listen_port":"number","mode":"string","target_port":"number"}]],"description":"List of forwarding rules for the Load balancer.","description_kind":"plain","computed":true},"id":{"type":"string","description_kind":"plain","optional":true,"computed":true},"labels":{"type":["set","string"],"description":"List of labels.","description_kind":"plain","computed":true},"listen_ipv4_uuid":{"type":"string","description":"The UUID of the IPv4 address the Load balancer will listen to for incoming requests.","description_kind":"plain","computed":true},"listen_ipv6_uuid":{"type":"string","description":"The UUID of the IPv6 address the Load balancer will listen to for incoming requests.","description_kind":"plain","computed":true},"location_uuid":{"type":"string","description":"Helps to identify which datacenter an object belongs to.","description_kind":"plain","computed":true},"name":{"type":"string","description":"The human-readable name of the object. It supports the full UTF-8 character set, with a maximum of 64 characters","description_kind":"plain","computed":true},"redirect_http_to_https":{"type":"bool","description":"Whether the Load balancer is forced to redirect requests from HTTP to HTTPS","description_kind":"plain","computed":true},"resource_id":{"type":"string","description":"ID of a resource","description_kind":"plain","required":true},"status":{"type":"string","description":"Status indicates the status of the object.","description_kind":"plain","computed":true}},"description_kind":"plain"}},"gridscale_marketplace_application":{"version":0,"block":{"attributes":{"category":{"type":"string","description":"Category of marketplace application. Accepted values: \"CMS\", \"project management\", \"Adminpanel\", \"Collaboration\", \"Cloud Storage\", \"Archiving\"","description_kind":"plain","computed":true},"change_time":{"type":"string","description":"Defines the date and time of the last object change","description_kind":"plain","computed":true},"create_time":{"type":"string","description":"Defines the date and time the object was initially created","description_kind":"plain","computed":true},"id":{"type":"string","description_kind":"plain","optional":true,"computed":true},"is_application_owner":{"type":"bool","description":"Whether the you are the owner of application or not","description_kind":"plain","computed":true},"is_publish_global":{"type":"bool","description":"Whether a template is published to other partner or not","description_kind":"plain","computed":true},"is_publish_global_requested":{"type":"bool","description":"Whether a partner wants their tenant template published to other partners","description_kind":"plain","computed":true},"is_publish_requested":{"type":"bool","description":"Whether the tenants want their template to be published or not","description_kind":"plain","computed":true},"is_published":{"type":"bool","description":"Whether the template is published by the partner to their tenant","description_kind":"plain","computed":true},"meta_advices":{"type":"string","description_kind":"plain","computed":true},"meta_author":{"type":"string","description_kind":"plain","computed":true},"meta_components":{"type":["set","string"],"description_kind":"plain","computed":true},"meta_features":{"type":"string","description_kind":"plain","computed":true},"meta_hints":{"type":"string","description_kind":"plain","computed":true},"meta_icon":{"type":"string","description_kind":"plain","computed":true},"meta_license":{"type":"string","description_kind":"plain","computed":true},"meta_os":{"type":"string","description_kind":"plain","computed":true},"meta_overview":{"type":"string","description_kind":"plain","computed":true},"meta_terms_of_use":{"type":"string","description_kind":"plain","computed":true},"name":{"type":"string","description":"The human-readable name of the object. It supports the full UTF-8 character set, with a maximum of 64 characters","description_kind":"plain","computed":true},"object_storage_path":{"type":"string","description":"Path to the images for the application, must be in .gz format and started with s3//","description_kind":"plain","computed":true},"publish_global_requested_date":{"type":"string","description":"The date when a partner requested their tenants template to be published","description_kind":"plain","computed":true},"publish_requested_date":{"type":"string","description":"The date when the tenant requested their template to be published","description_kind":"plain","computed":true},"published_date":{"type":"string","description":"The date when the template is published into other tenant in the same partner","description_kind":"plain","computed":true},"published_global_date":{"type":"string","description":"The date when a template is published to other partner","description_kind":"plain","computed":true},"resource_id":{"type":"string","description":"ID of a resource","description_kind":"plain","required":true},"setup_cores":{"type":"number","description":"Number of server's cores","description_kind":"plain","computed":true},"setup_memory":{"type":"number","description":"The capacity of server's memory in GB","description_kind":"plain","computed":true},"setup_storage_capacity":{"type":"number","description":"The capacity of server's storage in GB","description_kind":"plain","computed":true},"status":{"type":"string","description":"status indicates the status of the object","description_kind":"plain","computed":true},"type":{"type":"string","description":"The type of template","description_kind":"plain","computed":true},"unique_hash":{"type":"string","description":"Unique hash to allow user to import the self-created marketplace application","description_kind":"plain","computed":true}},"description_kind":"plain"}},"gridscale_network":{"version":0,"block":{"attributes":{"change_time":{"type":"string","description":"The date and time of the last object change","description_kind":"plain","computed":true},"create_time":{"type":"string","description":"The date and time the object was initially created","description_kind":"plain","computed":true},"delete_block":{"type":"bool","description":"If deleting this network is allowed","description_kind":"plain","computed":true},"id":{"type":"string","description_kind":"plain","optional":true,"computed":true},"l2security":{"type":"bool","description":"MAC spoofing protection - filters layer2 and ARP traffic based on source MAC","description_kind":"plain","computed":true},"labels":{"type":["set","string"],"description":"List of labels.","description_kind":"plain","computed":true},"location_country":{"type":"string","description":"Formatted by the 2 digit country code (ISO 3166-2) of the host country","description_kind":"plain","computed":true},"location_iata":{"type":"string","description":"Uses IATA airport code, which works as a location identifier","description_kind":"plain","computed":true},"location_name":{"type":"string","description":"The human-readable name of the location. It supports the full UTF-8 character set, with a maximum of 64 characters","description_kind":"plain","computed":true},"location_uuid":{"type":"string","description":"Helps to identify which datacenter an object belongs to","description_kind":"plain","computed":true},"name":{"type":"string","description":"The human-readable name of the object. It supports the full UTF-8 character set, with a maximum of 64 characters.","description_kind":"plain","computed":true},"network_type":{"type":"string","description":"The type of this network, can be mpls, breakout or network.","description_kind":"plain","computed":true},"resource_id":{"type":"string","description":"ID of a resource","description_kind":"plain","required":true},"status":{"type":"string","description":"status indicates the status of the object","description_kind":"plain","computed":true}},"description_kind":"plain"}},"gridscale_object_storage_accesskey":{"version":0,"block":{"attributes":{"access_key":{"type":"string","description":"The object storage secret_key.","description_kind":"plain","computed":true},"id":{"type":"string","description_kind":"plain","optional":true,"computed":true},"resource_id":{"type":"string","description":"ID of a resource","description_kind":"plain","required":true},"secret_key":{"type":"string","description":"The object storage access_key.","description_kind":"plain","computed":true}},"description_kind":"plain"}},"gridscale_paas":{"version":0,"block":{"attributes":{"change_time":{"type":"string","description":"Time of the last change","description_kind":"plain","computed":true},"create_time":{"type":"string","description":"Time of the creation","description_kind":"plain","computed":true},"current_price":{"type":"number","description":"Current price of PaaS service","description_kind":"plain","computed":true},"id":{"type":"string","description_kind":"plain","optional":true,"computed":true},"labels":{"type":["set","string"],"description":"List of labels.","description_kind":"plain","computed":true},"listen_port":{"type":["set",["object",{"name":"string","port":"number"}]],"description":"Ports that PaaS service listens to","description_kind":"plain","computed":true},"name":{"type":"string","description":"The human-readable name of the object. It supports the full UTF-8 character set, with a maximum of 64 characters","description_kind":"plain","computed":true},"network_uuid":{"type":"string","description":"Network UUID containing security zone","description_kind":"plain","computed":true},"parameter":{"type":["set",["object",{"param":"string","type":"string","value":"string"}]],"description":"Parameter for PaaS service","description_kind":"plain","computed":true},"password":{"type":"string","description":"Password for PaaS service","description_kind":"plain","computed":true},"resource_id":{"type":"string","description":"ID of a resource","description_kind":"plain","required":true},"resource_limit":{"type":["set",["object",{"limit":"number","resource":"string"}]],"description":"Resource for PaaS service","description_kind":"plain","computed":true},"security_zone_uuid":{"type":"string","description":"Security zone UUID linked to PaaS service","description_kind":"plain","computed":true},"service_template_uuid":{"type":"string","description":"Template that PaaS service uses","description_kind":"plain","computed":true},"status":{"type":"string","description":"Current status of PaaS service","description_kind":"plain","computed":true},"usage_in_minute":{"type":"number","description":"Number of minutes that PaaS service is in use","description_kind":"plain","computed":true},"username":{"type":"string","description":"Username for PaaS service","description_kind":"plain","computed":true}},"description_kind":"plain"}},"gridscale_paas_securityzone":{"version":0,"block":{"attributes":{"change_time":{"type":"string","description":"Defines the date and time of the last object change","description_kind":"plain","computed":true},"create_time":{"type":"string","description":"Defines the date and time the object was initially created","description_kind":"plain","computed":true},"id":{"type":"string","description_kind":"plain","optional":true,"computed":true},"labels":{"type":["set","string"],"description":"List of labels.","description_kind":"plain","computed":true},"location_country":{"type":"string","description":"The human-readable name of the location","description_kind":"plain","computed":true},"location_iata":{"type":"string","description":"Uses IATA airport code, which works as a location identifier","description_kind":"plain","computed":true},"location_name":{"type":"string","description":"The human-readable name of the location","description_kind":"plain","computed":true},"location_uuid":{"type":"string","description":"Helps to identify which datacenter an object belongs to","description_kind":"plain","computed":true},"name":{"type":"string","description":"The human-readable name of the object","description_kind":"plain","computed":true},"relations":{"type":["set","string"],"description":"List of PaaS services' UUIDs relating to the security zone","description_kind":"plain","computed":true},"resource_id":{"type":"string","description":"ID of a resource","description_kind":"plain","required":true},"status":{"type":"string","description":"Status indicates the status of the object","description_kind":"plain","computed":true}},"description_kind":"plain"}},"gridscale_public_network":{"version":0,"block":{"attributes":{"change_time":{"type":"string","description":"The date and time of the last object change","description_kind":"plain","computed":true},"create_time":{"type":"string","description":"The date and time the object was initially created","description_kind":"plain","computed":true},"delete_block":{"type":"bool","description":"If deleting this network is allowed","description_kind":"plain","computed":true},"id":{"type":"string","description_kind":"plain","optional":true,"computed":true},"l2security":{"type":"bool","description":"MAC spoofing protection - filters layer2 and ARP traffic based on source MAC","description_kind":"plain","computed":true},"labels":{"type":["set","string"],"description":"List of labels.","description_kind":"plain","computed":true},"location_country":{"type":"string","description":"Formatted by the 2 digit country code (ISO 3166-2) of the host country","description_kind":"plain","computed":true},"location_iata":{"type":"string","description":"Uses IATA airport code, which works as a location identifier","description_kind":"plain","computed":true},"location_name":{"type":"string","description":"The human-readable name of the location. It supports the full UTF-8 character set, with a maximum of 64 characters","description_kind":"plain","computed":true},"location_uuid":{"type":"string","description":"Helps to identify which datacenter an object belongs to","description_kind":"plain","computed":true},"name":{"type":"string","description":"The human-readable name of the object. It supports the full UTF-8 character set, with a maximum of 64 characters.","description_kind":"plain","computed":true},"network_type":{"type":"string","description":"The type of this network, can be mpls, breakout or network.","description_kind":"plain","computed":true},"status":{"type":"string","description":"status indicates the status of the object","description_kind":"plain","computed":true}},"description_kind":"plain"}},"gridscale_server":{"version":0,"block":{"attributes":{"auto_recovery":{"type":"bool","description":"If the server should be auto-started in case of a failure (default=true).","description_kind":"plain","computed":true},"availability_zone":{"type":"string","description":"Defines which Availability-Zone the Server is placed.","description_kind":"plain","computed":true},"change_time":{"type":"string","description_kind":"plain","computed":true},"console_token":{"type":"string","description":"The token used by the panel to open the websocket VNC connection to the server console.","description_kind":"plain","computed":true},"cores":{"type":"number","description":"The number of server cores.","description_kind":"plain","computed":true},"create_time":{"type":"string","description_kind":"plain","computed":true},"current_price":{"type":"number","description_kind":"plain","computed":true},"hardware_profile":{"type":"string","description":"The number of server cores.","description_kind":"plain","computed":true},"id":{"type":"string","description_kind":"plain","optional":true,"computed":true},"ipv4":{"type":"string","description_kind":"plain","computed":true},"ipv6":{"type":"string","description_kind":"plain","computed":true},"isoimage":{"type":"string","description_kind":"plain","computed":true},"labels":{"type":["set","string"],"description":"List of labels.","description_kind":"plain","computed":true},"legacy":{"type":"bool","description":"Legacy-Hardware emulation instead of virtio hardware. If enabled, hotplugging cores, memory, storage, network, etc. will not work, but the server will most likely run every x86 compatible operating system. This mode comes with a performance penalty, as emulated hardware does not benefit from the virtio driver infrastructure.","description_kind":"plain","computed":true},"location_uuid":{"type":"string","description":"Helps to identify which datacenter an object belongs to.","description_kind":"plain","computed":true},"memory":{"type":"number","description":"The amount of server memory in GB.","description_kind":"plain","computed":true},"name":{"type":"string","description":"The human-readable name of the object. It supports the full UTF-8 character set, with a maximum of 64 characters","description_kind":"plain","computed":true},"network":{"type":["set",["object",{"bootdevice":"bool","create_time":"string","firewall_template_uuid":"string","mac":"string","network_type":"string","object_name":"string","object_uuid":"string","ordering":"number","rules_v4_in":["list",["object",{"action":"string","comment":"string","dst_cidr":"string","dst_port":"string","order":"number","protocol":"string","src_cidr":"string","src_port":"string"}]],"rules_v4_out":["list",["object",{"action":"string","comment":"string","dst_cidr":"string","dst_port":"string","order":"number","protocol":"string","src_cidr":"string","src_port":"string"}]],"rules_v6_in":["list",["object",{"action":"string","comment":"string","dst_cidr":"string","dst_port":"string","order":"number","protocol":"string","src_cidr":"string","src_port":"string"}]],"rules_v6_out":["list",["object",{"action":"string","comment":"string","dst_cidr":"string","dst_port":"string","order":"number","protocol":"string","src_cidr":"string","src_port":"string"}]]}]],"description_kind":"plain","computed":true},"power":{"type":"bool","description":"The number of server cores.","description_kind":"plain","computed":true},"resource_id":{"type":"string","description":"ID of a resource","description_kind":"plain","required":true},"status":{"type":"string","description_kind":"plain","computed":true},"storage":{"type":["list",["object",{"bootdevice":"bool","bus":"number","capacity":"number","controller":"number","create_time":"string","last_used_template":"string","license_product_no":"number","lun":"number","object_name":"string","object_uuid":"string","storage_type":"string","target":"number"}]],"description":"A list of storages attached to the server. The first storage in the list is always set as the boot storage of the server.","description_kind":"plain","computed":true},"usage_in_minutes_cores":{"type":"number","description_kind":"plain","computed":true},"usage_in_minutes_memory":{"type":"number","description_kind":"plain","computed":true}},"description_kind":"plain"}},"gridscale_snapshot":{"version":0,"block":{"attributes":{"capacity":{"type":"number","description":"The capacity of a storage/ISO image/template/snapshot in GB","description_kind":"plain","computed":true},"change_time":{"type":"string","description":"Defines the date and time of the last object change","description_kind":"plain","computed":true},"create_time":{"type":"string","description":"Defines the date and time the object was initially created","description_kind":"plain","computed":true},"current_price":{"type":"number","description":"The price for the current period since the last bill","description_kind":"plain","computed":true},"id":{"type":"string","description_kind":"plain","optional":true,"computed":true},"labels":{"type":["list","string"],"description":"List of labels.","description_kind":"plain","computed":true},"license_product_no":{"type":"number","description":"If a template has been used that requires a license key (e.g. Windows Servers) this shows\nthe product_no of the license (see the /prices endpoint for more details)","description_kind":"plain","computed":true},"location_country":{"type":"string","description":"The human-readable name of the location","description_kind":"plain","computed":true},"location_iata":{"type":"string","description":"Uses IATA airport code, which works as a location identifier","description_kind":"plain","computed":true},"location_name":{"type":"string","description":"The human-readable name of the location","description_kind":"plain","computed":true},"location_uuid":{"type":"string","description":"Helps to identify which datacenter an object belongs to","description_kind":"plain","computed":true},"name":{"type":"string","description":"The human-readable name of the object","description_kind":"plain","computed":true},"resource_id":{"type":"string","description":"ID of a resource","description_kind":"plain","required":true},"status":{"type":"string","description":"Status indicates the status of the object","description_kind":"plain","computed":true},"storage_uuid":{"type":"string","description":"Uuid of the storage used to create this snapshot","description_kind":"plain","required":true},"usage_in_minutes":{"type":"number","description":"Total minutes the object has been running","description_kind":"plain","computed":true}},"description_kind":"plain"}},"gridscale_snapshotschedule":{"version":0,"block":{"attributes":{"change_time":{"type":"string","description":"Defines the date and time of the last object change","description_kind":"plain","computed":true},"create_time":{"type":"string","description":"Defines the date and time the object was initially created","description_kind":"plain","computed":true},"id":{"type":"string","description_kind":"plain","optional":true,"computed":true},"keep_snapshots":{"type":"number","description":"The amount of Snapshots to keep before overwriting the last created Snapshot","description_kind":"plain","computed":true},"labels":{"type":["set","string"],"description":"List of labels.","description_kind":"plain","computed":true},"name":{"type":"string","description":"The human-readable name of the object","description_kind":"plain","computed":true},"next_runtime":{"type":"string","description":"The date and time that the snapshot schedule will be run","description_kind":"plain","computed":true},"resource_id":{"type":"string","description":"ID of a resource","description_kind":"plain","required":true},"run_interval":{"type":"number","description":"The interval at which the schedule will run (in minutes)","description_kind":"plain","computed":true},"snapshot":{"type":["set",["object",{"create_time":"string","name":"string","object_uuid":"string"}]],"description":"Related snapshots","description_kind":"plain","computed":true},"status":{"type":"string","description":"Status indicates the status of the object","description_kind":"plain","computed":true},"storage_uuid":{"type":"string","description":"Uuid of the storage used to create snapshots","description_kind":"plain","required":true}},"description_kind":"plain"}},"gridscale_sshkey":{"version":0,"block":{"attributes":{"change_time":{"type":"string","description":"The date and time of the last object change","description_kind":"plain","computed":true},"create_time":{"type":"string","description":"The date and time the object was initially created","description_kind":"plain","computed":true},"id":{"type":"string","description_kind":"plain","optional":true,"computed":true},"labels":{"type":["set","string"],"description":"List of labels.","description_kind":"plain","computed":true},"name":{"type":"string","description":"The human-readable name of the object. It supports the full UTF-8 character set, with a maximum of 64 characters.","description_kind":"plain","computed":true},"resource_id":{"type":"string","description":"ID of a resource","description_kind":"plain","required":true},"sshkey":{"type":"string","description":"sshkey_string is the OpenSSH public key string (all key types are supported =\u003e ed25519, ecdsa, dsa, rsa, rsa1)","description_kind":"plain","computed":true},"status":{"type":"string","description_kind":"plain","computed":true}},"description_kind":"plain"}},"gridscale_storage":{"version":0,"block":{"attributes":{"capacity":{"type":"number","description":"The capacity of a storage in GB.","description_kind":"plain","computed":true},"change_time":{"type":"string","description":"Defines the date and time of the last object change.","description_kind":"plain","computed":true},"create_time":{"type":"string","description":"Defines the date and time the object was initially created.","description_kind":"plain","computed":true},"current_price":{"type":"number","description_kind":"plain","computed":true},"id":{"type":"string","description_kind":"plain","optional":true,"computed":true},"labels":{"type":["set","string"],"description":"List of labels.","description_kind":"plain","computed":true},"last_used_template":{"type":"string","description_kind":"plain","computed":true},"license_product_no":{"type":"number","description":"If a template has been used that requires a license key (e.g. Windows Servers) this shows the product_no of the license (see the /prices endpoint for more details).","description_kind":"plain","computed":true},"location_country":{"type":"string","description":"Formatted by the 2 digit country code (ISO 3166-2) of the host country.","description_kind":"plain","computed":true},"location_iata":{"type":"string","description":"Uses IATA airport code, which works as a location identifier.","description_kind":"plain","computed":true},"location_name":{"type":"string","description":"The human-readable name of the location. It supports the full UTF-8 character set, with a maximum of 64 characters.","description_kind":"plain","computed":true},"location_uuid":{"type":"string","description":"Helps to identify which datacenter an object belongs to.","description_kind":"plain","computed":true},"name":{"type":"string","description":"The human-readable name of the object. It supports the full UTF-8 character set, with a maximum of 64 characters.","description_kind":"plain","computed":true},"parent_uuid":{"type":"string","description_kind":"plain","computed":true},"resource_id":{"type":"string","description":"ID of a resource","description_kind":"plain","required":true},"status":{"type":"string","description":"status indicates the status of the object.","description_kind":"plain","computed":true},"storage_type":{"type":"string","description":"(one of storage, storage_high, storage_insane)","description_kind":"plain","computed":true},"usage_in_minutes":{"type":"number","description_kind":"plain","computed":true}},"description_kind":"plain"}},"gridscale_template":{"version":0,"block":{"attributes":{"capacity":{"type":"number","description":"The capacity of a storage/ISO image/template/snapshot in GB.","description_kind":"plain","computed":true},"change_time":{"type":"string","description":"The date and time of the last object change.","description_kind":"plain","computed":true},"create_time":{"type":"string","description":"The date and time the object was initially created.","description_kind":"plain","computed":true},"current_price":{"type":"number","description":"Defines the price for the current period since the last bill.","description_kind":"plain","computed":true},"description":{"type":"string","description":"Description of the template.","description_kind":"plain","computed":true},"distro":{"type":"string","description":"The OS distribution that the template contains.","description_kind":"plain","computed":true},"id":{"type":"string","description_kind":"plain","optional":true,"computed":true},"labels":{"type":["set","string"],"description":"List of labels.","description_kind":"plain","optional":true},"license_product_no":{"type":"number","description":"If a template has been used that requires a license key (e.g. Windows Servers) this shows the product_no of the license (see the /prices endpoint for more details).","description_kind":"plain","computed":true},"location_country":{"type":"string","description":"Formatted by the 2 digit country code (ISO 3166-2) of the host country","description_kind":"plain","computed":true},"location_iata":{"type":"string","description":"Uses IATA airport code, which works as a location identifier","description_kind":"plain","computed":true},"location_name":{"type":"string","description":"The human-readable name of the location. It supports the full UTF-8 character set, with a maximum of 64 characters","description_kind":"plain","computed":true},"location_uuid":{"type":"string","description":"Helps to identify which datacenter an object belongs to","description_kind":"plain","computed":true},"name":{"type":"string","description":"name of the domain","description_kind":"plain","required":true},"ostype":{"type":"string","description":"The operating system installed in the template","description_kind":"plain","computed":true},"private":{"type":"bool","description":"The object is private, the value will be true. Otherwise the value will be false.","description_kind":"plain","computed":true},"status":{"type":"string","description":"Status indicates the status of the object","description_kind":"plain","computed":true},"usage_in_minutes":{"type":"number","description":"Total minutes the object has been running.","description_kind":"plain","computed":true},"version":{"type":"string","description_kind":"plain","computed":true}},"description_kind":"plain"}}}}}}
