{"format_version":"0.2","provider_schemas":{"registry.terraform.io/harness-io/harness":{"provider":{"version":0,"block":{"attributes":{"account_id":{"type":"string","description":"The Harness account id. This can also be set using the `HARNESS_ACCOUNT_ID` environment variable.","description_kind":"markdown","required":true},"api_key":{"type":"string","description":"The Harness API key. This can also be set using the `HARNESS_API_KEY` environment variable.","description_kind":"markdown","optional":true},"endpoint":{"type":"string","description":"The URL of the Harness API endpoint. The default is `https://app.harness.io`. This can also be set using the `HARNESS_ENDPOINT` environment variable.","description_kind":"markdown","optional":true},"ng_api_key":{"type":"string","description":"The Harness nextgen API key. This can also be set using the `HARNESS_NG_API_KEY` environment variable.","description_kind":"markdown","optional":true},"ng_endpoint":{"type":"string","description":"The URL of the Harness nextgen API. The default is `https://app.harness.io/gateway/ng/api`. This can also be set using the `HARNESS_NG_ENDPOINT` environment variable.","description_kind":"markdown","optional":true}},"description_kind":"plain"}},"resource_schemas":{"harness_add_user_to_group":{"version":0,"block":{"attributes":{"group_id":{"type":"string","description":"The name of the user.","description_kind":"markdown","required":true},"id":{"type":"string","description_kind":"plain","optional":true,"computed":true},"user_id":{"type":"string","description":"Unique identifier of the user.","description_kind":"markdown","required":true}},"description":"Resource for adding a user to a group.","description_kind":"markdown"}},"harness_application":{"version":0,"block":{"attributes":{"description":{"type":"string","description":"The application description","description_kind":"markdown","optional":true},"git_sync_connector_id":{"type":"string","description":"The id of the git sync connector","description_kind":"markdown","computed":true},"git_sync_enabled":{"type":"bool","description":"True if git sync is enabled on this application","description_kind":"markdown","computed":true},"id":{"type":"string","description":"Unique identifier of the application","description_kind":"markdown","computed":true},"is_manual_trigger_authorized":{"type":"bool","description":"When this is set to true, all manual triggers will require API Key authorization","description_kind":"markdown","optional":true},"name":{"type":"string","description":"The name of the application","description_kind":"markdown","required":true}},"description":"Resource for creating a Harness application","description_kind":"markdown"}},"harness_application_gitsync":{"version":0,"block":{"attributes":{"app_id":{"type":"string","description":"The id of the application.","description_kind":"markdown","required":true},"branch":{"type":"string","description":"The branch of the git repository to sync to.","description_kind":"markdown","required":true},"connector_id":{"type":"string","description":"The id of the git connector to use.","description_kind":"markdown","required":true},"enabled":{"type":"bool","description":"Whether or not to enable git sync.","description_kind":"markdown","optional":true},"id":{"type":"string","description_kind":"plain","optional":true,"computed":true},"repository_name":{"type":"string","description":"The name of the git repository to sync to. This is only used if the git connector is for an account and not an individual repository.","description_kind":"markdown","optional":true}},"description":"Resource for configuring application git sync.","description_kind":"markdown"}},"harness_cloudprovider_aws":{"version":0,"block":{"attributes":{"access_key_id":{"type":"string","description":"The plain text AWS access key id.","description_kind":"markdown","optional":true},"access_key_id_secret_name":{"type":"string","description":"The name of the Harness secret containing the AWS access key id","description_kind":"markdown","optional":true},"delegate_selector":{"type":"string","description":"Select the Delegate to use via one of its Selectors.","description_kind":"markdown","optional":true},"id":{"type":"string","description":"The id of the cloud provider.","description_kind":"markdown","computed":true},"name":{"type":"string","description":"The name of the cloud provider.","description_kind":"markdown","required":true},"secret_access_key_secret_name":{"type":"string","description":"The name of the Harness secret containing the AWS secret access key.","description_kind":"markdown","optional":true},"use_ec2_iam_credentials":{"type":"bool","description":"Use the EC2 Instance Profile for Service Accounts.","description_kind":"markdown","optional":true},"use_irsa":{"type":"bool","description":"Use the AWS IAM Role for Service Accounts.","description_kind":"markdown","optional":true}},"block_types":{"assume_cross_account_role":{"nesting_mode":"list","block":{"attributes":{"external_id":{"type":"string","description":"If the administrator of the account to which the role belongs provided you with an external ID, then enter that value.","description_kind":"markdown","optional":true},"role_arn":{"type":"string","description":"This is an IAM role in the target deployment AWS account.","description_kind":"markdown","required":true}},"description":"Configuration for assuming a cross account role.","description_kind":"markdown"},"max_items":1},"usage_scope":{"nesting_mode":"set","block":{"attributes":{"application_id":{"type":"string","description":"Id of the application to scope to. If empty then this scope applies to all applications.","description_kind":"markdown","optional":true},"environment_filter_type":{"type":"string","description":"Type of environment filter applied. Cannot be used with `environment_id`. Valid options are NON_PRODUCTION_ENVIRONMENTS, PRODUCTION_ENVIRONMENTS.","description_kind":"markdown","optional":true},"environment_id":{"type":"string","description":"Id of the id of the specific environment to scope to. Cannot be used with `environment_filter_type`.","description_kind":"markdown","optional":true}},"description":"This block is used for scoping the resource to a specific set of applications or environments.","description_kind":"markdown"}}},"description":"Resource for creating an AWS cloud provider. This resource uses the config-as-code API's. When updating the `name` or `path` of this resource you should typically also set the `create_before_destroy = true` lifecycle setting.","description_kind":"markdown"}},"harness_cloudprovider_azure":{"version":0,"block":{"attributes":{"client_id":{"type":"string","description":"The client id for the Azure application","description_kind":"markdown","required":true},"environment_type":{"type":"string","description":"The type of environment. Valid options are [AZURE AZURE_US_GOVERNMENT]","description_kind":"markdown","optional":true},"id":{"type":"string","description":"The id of the cloud provider.","description_kind":"markdown","computed":true},"key":{"type":"string","description":"The Name of the Harness secret containing the key for the Azure application","description_kind":"markdown","required":true},"name":{"type":"string","description":"The name of the cloud provider.","description_kind":"markdown","required":true},"tenant_id":{"type":"string","description":"The tenant id for the Azure application","description_kind":"markdown","required":true}},"description":"Resource for creating an Azure cloud provider. This resource uses the config-as-code API's. When updating the `name` or `path` of this resource you should typically also set the `create_before_destroy = true` lifecycle setting.","description_kind":"markdown"}},"harness_cloudprovider_datacenter":{"version":0,"block":{"attributes":{"id":{"type":"string","description":"The id of the cloud provider.","description_kind":"markdown","computed":true},"name":{"type":"string","description":"The name of the cloud provider.","description_kind":"markdown","required":true}},"block_types":{"usage_scope":{"nesting_mode":"set","block":{"attributes":{"application_id":{"type":"string","description":"Id of the application to scope to. If empty then this scope applies to all applications.","description_kind":"markdown","optional":true},"environment_filter_type":{"type":"string","description":"Type of environment filter applied. Cannot be used with `environment_id`. Valid options are NON_PRODUCTION_ENVIRONMENTS, PRODUCTION_ENVIRONMENTS.","description_kind":"markdown","optional":true},"environment_id":{"type":"string","description":"Id of the id of the specific environment to scope to. Cannot be used with `environment_filter_type`.","description_kind":"markdown","optional":true}},"description":"This block is used for scoping the resource to a specific set of applications or environments.","description_kind":"markdown"}}},"description":"Resource for creating a physical data center cloud provider. This resource uses the config-as-code API's. When updating the `name` or `path` of this resource you should typically also set the `create_before_destroy = true` lifecycle setting.","description_kind":"markdown"}},"harness_cloudprovider_gcp":{"version":0,"block":{"attributes":{"delegate_selectors":{"type":["list","string"],"description":"Delegate selectors to use for this provider.","description_kind":"markdown","optional":true},"id":{"type":"string","description":"The id of the cloud provider.","description_kind":"markdown","computed":true},"name":{"type":"string","description":"The name of the cloud provider.","description_kind":"markdown","required":true},"secret_file_id":{"type":"string","description":"The id of the secret containing the GCP credentials","description_kind":"markdown","optional":true},"skip_validation":{"type":"bool","description":"Skip validation of GCP configuration.","description_kind":"markdown","optional":true}},"block_types":{"usage_scope":{"nesting_mode":"set","block":{"attributes":{"application_id":{"type":"string","description":"Id of the application to scope to. If empty then this scope applies to all applications.","description_kind":"markdown","optional":true},"environment_filter_type":{"type":"string","description":"Type of environment filter applied. Cannot be used with `environment_id`. Valid options are NON_PRODUCTION_ENVIRONMENTS, PRODUCTION_ENVIRONMENTS.","description_kind":"markdown","optional":true},"environment_id":{"type":"string","description":"Id of the id of the specific environment to scope to. Cannot be used with `environment_filter_type`.","description_kind":"markdown","optional":true}},"description":"This block is used for scoping the resource to a specific set of applications or environments.","description_kind":"markdown"}}},"description":"Resource for creating a GCP cloud provider. This resource uses the config-as-code API's. When updating the `name` or `path` of this resource you should typically also set the `create_before_destroy = true` lifecycle setting.","description_kind":"markdown"}},"harness_cloudprovider_kubernetes":{"version":0,"block":{"attributes":{"id":{"type":"string","description":"The id of the cloud provider.","description_kind":"markdown","computed":true},"name":{"type":"string","description":"The name of the cloud provider.","description_kind":"markdown","required":true},"skip_validation":{"type":"bool","description":"Skip validation of Kubernetes configuration.","description_kind":"markdown","optional":true}},"block_types":{"authentication":{"nesting_mode":"list","block":{"attributes":{"delegate_selectors":{"type":["list","string"],"description":"Delegate selectors to inherit the GCP credentials from.","description_kind":"markdown","optional":true}},"block_types":{"oidc":{"nesting_mode":"list","block":{"attributes":{"client_id_secret_name":{"type":"string","description":"Name of the Harness secret containing the client ID for the cluster.","description_kind":"markdown","required":true},"client_secret_secret_name":{"type":"string","description":"Name of the Harness secret containing the client secret for the cluster.","description_kind":"markdown","optional":true},"identity_provider_url":{"type":"string","description":"URL of the identity provider to use.","description_kind":"markdown","required":true},"master_url":{"type":"string","description":"URL of the Kubernetes master to connect to.","description_kind":"markdown","required":true},"password_secret_name":{"type":"string","description":"Name of the Harness secret containing the password for the cluster.","description_kind":"markdown","required":true},"scopes":{"type":["list","string"],"description":"Scopes to request from the identity provider.","description_kind":"markdown","optional":true},"username":{"type":"string","description":"Username for authentication to the cluster. This can be the username itself or the ID of a harness secret.","description_kind":"markdown","required":true}},"description":"Service account configuration for connecting to the Kubernetes cluster","description_kind":"markdown"},"max_items":1},"service_account":{"nesting_mode":"list","block":{"attributes":{"ca_certificate_secret_name":{"type":"string","description":"Name of the Harness secret containing the CA certificate for the cluster.","description_kind":"markdown","optional":true},"master_url":{"type":"string","description":"URL of the Kubernetes master to connect to.","description_kind":"markdown","required":true},"service_account_token_secret_name":{"type":"string","description":"Name of the Harness secret containing the service account token for the cluster.","description_kind":"markdown","required":true}},"description":"Username and password for authentication to the cluster","description_kind":"markdown"},"max_items":1},"username_password":{"nesting_mode":"list","block":{"attributes":{"master_url":{"type":"string","description":"URL of the Kubernetes master to connect to.","description_kind":"markdown","required":true},"password_secret_name":{"type":"string","description":"Name of the Harness secret containing the password for the cluster.","description_kind":"markdown","required":true},"username":{"type":"string","description":"Username for authentication to the cluster","description_kind":"markdown","optional":true},"username_secret_name":{"type":"string","description":"Name of the Harness secret containing the username for authentication to the cluster","description_kind":"markdown","optional":true}},"description":"Username and password for authentication to the cluster","description_kind":"markdown"},"max_items":1}},"description":"Authentication configuration for the Kubernetes cluster","description_kind":"markdown"},"min_items":1,"max_items":1},"usage_scope":{"nesting_mode":"set","block":{"attributes":{"application_id":{"type":"string","description":"Id of the application to scope to. If empty then this scope applies to all applications.","description_kind":"markdown","optional":true},"environment_filter_type":{"type":"string","description":"Type of environment filter applied. Cannot be used with `environment_id`. Valid options are NON_PRODUCTION_ENVIRONMENTS, PRODUCTION_ENVIRONMENTS.","description_kind":"markdown","optional":true},"environment_id":{"type":"string","description":"Id of the id of the specific environment to scope to. Cannot be used with `environment_filter_type`.","description_kind":"markdown","optional":true}},"description":"This block is used for scoping the resource to a specific set of applications or environments.","description_kind":"markdown"}}},"description":"Resource for creating a Kubernetes cloud provider. This resource uses the config-as-code API's. When updating the `name` or `path` of this resource you should typically also set the `create_before_destroy = true` lifecycle setting.","description_kind":"markdown"}},"harness_cloudprovider_spot":{"version":0,"block":{"attributes":{"account_id":{"type":"string","description":"The Spot account ID","description_kind":"markdown","required":true},"id":{"type":"string","description":"The id of the cloud provider.","description_kind":"markdown","computed":true},"name":{"type":"string","description":"The name of the cloud provider.","description_kind":"markdown","required":true},"token_secret_name":{"type":"string","description":"The name of the Harness secret containing the spot account token","description_kind":"markdown","required":true}},"description":"Resource for creating a Spot cloud provider. This resource uses the config-as-code API's. When updating the `name` or `path` of this resource you should typically also set the `create_before_destroy = true` lifecycle setting.","description_kind":"markdown"}},"harness_cloudprovider_tanzu":{"version":0,"block":{"attributes":{"endpoint":{"type":"string","description":"The url of the Tanzu platform.","description_kind":"markdown","required":true},"id":{"type":"string","description":"The id of the cloud provider.","description_kind":"markdown","computed":true},"name":{"type":"string","description":"The name of the cloud provider.","description_kind":"markdown","required":true},"password_secret_name":{"type":"string","description":"The name of the Harness secret containing the password to use to authenticate to Tanzu.","description_kind":"markdown","required":true},"skip_validation":{"type":"bool","description":"Skip validation of Tanzu configuration.","description_kind":"markdown","optional":true},"username":{"type":"string","description":"The username to use to authenticate to Tanzu.","description_kind":"markdown","optional":true},"username_secret_name":{"type":"string","description":"The name of the Harness secret containing the username to authenticate to Tanzu with.","description_kind":"markdown","optional":true}},"description":"Resource for creating a Tanzu cloud provider. This resource uses the config-as-code API's. When updating the `name` or `path` of this resource you should typically also set the `create_before_destroy = true` lifecycle setting.","description_kind":"markdown"}},"harness_connector":{"version":0,"block":{"attributes":{"branch":{"type":"string","description":"The branch to use for the connector.","description_kind":"markdown","optional":true},"description":{"type":"string","description":"The description of the connector.","description_kind":"markdown","optional":true},"id":{"type":"string","description_kind":"plain","optional":true,"computed":true},"identifier":{"type":"string","description":"The unique identifier for the connector.","description_kind":"markdown","required":true},"name":{"type":"string","description":"The name of the connector.","description_kind":"markdown","required":true},"org_id":{"type":"string","description":"The unique identifier for the organization.","description_kind":"markdown","optional":true},"project_id":{"type":"string","description":"The unique identifier for the project.","description_kind":"markdown","optional":true},"repo_id":{"type":"string","description":"The unique identifier for the repository.","description_kind":"markdown","optional":true},"tags":{"type":["set","string"],"description":"Tags associated with the connector.","description_kind":"markdown","optional":true}},"block_types":{"artifactory":{"nesting_mode":"list","block":{"attributes":{"delegate_selectors":{"type":["set","string"],"description":"Connect using only the delegates which have these tags.","description_kind":"markdown","optional":true},"url":{"type":"string","description":"URL of the Artifactory server.","description_kind":"markdown","required":true}},"block_types":{"credentials":{"nesting_mode":"list","block":{"attributes":{"password_ref":{"type":"string","description":"Reference to a secret containing the password to use for authentication.","description_kind":"markdown","required":true},"username":{"type":"string","description":"Username to use for authentication.","description_kind":"markdown","optional":true},"username_ref":{"type":"string","description":"Reference to a secret containing the username to use for authentication.","description_kind":"markdown","optional":true}},"description":"Credentials to use for authentication.","description_kind":"markdown"},"max_items":1}},"description":"Artifactory connector.","description_kind":"markdown"},"max_items":1},"aws":{"nesting_mode":"list","block":{"block_types":{"cross_account_access":{"nesting_mode":"list","block":{"attributes":{"external_id":{"type":"string","description":"If the administrator of the account to which the role belongs provided you with an external ID, then enter that value.","description_kind":"markdown","optional":true},"role_arn":{"type":"string","description":"The Amazon Resource Name (ARN) of the role that you want to assume. This is an IAM role in the target AWS account.","description_kind":"markdown","required":true}},"description":"Select this option if you want to use one AWS account for the connection, but you want to deploy or build in a different AWS account. In this scenario, the AWS account used for AWS access in Credentials will assume the IAM role you specify in Cross-account role ARN setting. This option uses the AWS Security Token Service (STS) feature.","description_kind":"markdown"},"max_items":1},"inherit_from_delegate":{"nesting_mode":"list","block":{"attributes":{"delegate_selectors":{"type":["set","string"],"description":"The delegates to inherit the credentials from.","description_kind":"markdown","required":true}},"description":"Inherit credentials from the delegate.","description_kind":"markdown"},"max_items":1},"irsa":{"nesting_mode":"list","block":{"attributes":{"delegate_selectors":{"type":["set","string"],"description":"The delegates to inherit the credentials from.","description_kind":"markdown","required":true}},"description":"Use IAM role for service accounts.","description_kind":"markdown"},"max_items":1},"manual":{"nesting_mode":"list","block":{"attributes":{"access_key":{"type":"string","description":"AWS access key.","description_kind":"markdown","optional":true},"access_key_ref":{"type":"string","description":"Reference to the Harness secret containing the aws access key.","description_kind":"markdown","optional":true},"delegate_selectors":{"type":["set","string"],"description":"Connect only use deleagates with these tags.","description_kind":"markdown","optional":true},"secret_key_ref":{"type":"string","description":"Reference to the Harness secret containing the aws secret key.","description_kind":"markdown","required":true}},"description":"Use IAM role for service accounts.","description_kind":"markdown"},"max_items":1}},"description":"Aws account configuration.","description_kind":"markdown"},"max_items":1},"aws_cloudcost":{"nesting_mode":"list","block":{"attributes":{"account_id":{"type":"string","description":"The AWS account id.","description_kind":"markdown","required":true},"features_enabled":{"type":["set","string"],"description":"The features enabled for the connector. Valid values are BILLING, OPTIMIZATION, VISIBILITY.","description_kind":"markdown","required":true},"report_name":{"type":"string","description":"The cost and usage report name. Provided in the delivery options when the template is opened in the AWS console.","description_kind":"markdown","required":true},"s3_bucket":{"type":"string","description":"The name of s3 bucket.","description_kind":"markdown","required":true}},"block_types":{"cross_account_access":{"nesting_mode":"list","block":{"attributes":{"external_id":{"type":"string","description":"The external id of the role to use for cross-account access. This is a random unique value to provide additional secure authentication.","description_kind":"markdown","required":true},"role_arn":{"type":"string","description":"The ARN of the role to use for cross-account access.","description_kind":"markdown","required":true}},"description":"Harness uses the secure cross-account role to access your AWS account. The role includes a restricted policy to access the cost and usage reports and resources for the sole purpose of cost analysis and cost optimization.","description_kind":"markdown"},"min_items":1,"max_items":1}},"description":"Aws cloud cost account configuration.","description_kind":"markdown"},"max_items":1},"docker_registry":{"nesting_mode":"list","block":{"attributes":{"delegate_selectors":{"type":["set","string"],"description":"Connect using only the delegates which have these tags.","description_kind":"markdown","optional":true},"type":{"type":"string","description":"The type of the docker registry. Valid options are DockerHub, Harbor, Other, Quay","description_kind":"markdown","required":true},"url":{"type":"string","description":"The url of the docker registry.","description_kind":"markdown","required":true}},"block_types":{"credentials":{"nesting_mode":"list","block":{"attributes":{"password_ref":{"type":"string","description":"The reference to the password to use for the docker registry.","description_kind":"markdown","required":true},"username":{"type":"string","description":"The username to use for the docker registry.","description_kind":"markdown","optional":true},"username_ref":{"type":"string","description":"The reference to the username to use for the docker registry.","description_kind":"markdown","optional":true}},"description":"The credentials to use for the docker registry. If not specified then the connection is made to the registry anonymously.","description_kind":"markdown"},"max_items":1}},"description":"The docker registry to use for the connector.","description_kind":"markdown"},"max_items":1},"gcp":{"nesting_mode":"list","block":{"block_types":{"inherit_from_delegate":{"nesting_mode":"list","block":{"attributes":{"delegate_selectors":{"type":["set","string"],"description":"The delegates to inherit the credentials from.","description_kind":"markdown","required":true}},"description":"Inherit configuration from delegate.","description_kind":"markdown"}},"manual":{"nesting_mode":"list","block":{"attributes":{"delegate_selectors":{"type":["set","string"],"description":"The delegates to connect with.","description_kind":"markdown","required":true},"secret_key_ref":{"type":"string","description":"Reference to the Harness secret containing the secret key.","description_kind":"markdown","required":true}},"description":"Manual credential configuration.","description_kind":"markdown"},"max_items":1}},"description":"Gcp connector configuration.","description_kind":"markdown"},"max_items":1},"git":{"nesting_mode":"list","block":{"attributes":{"connection_type":{"type":"string","description":"Whether the connection we're making is to a git repository or a git account. Valid values are Account, Repo.","description_kind":"markdown","required":true},"delegate_selectors":{"type":["set","string"],"description":"Connect using only the delegates which have these tags.","description_kind":"markdown","optional":true},"url":{"type":"string","description":"Url of the git repository or account.","description_kind":"markdown","required":true},"validation_repo":{"type":"string","description":"Repository to test the connection with. This is only used when `connection_type` is `Account`.","description_kind":"markdown","optional":true}},"block_types":{"credentials":{"nesting_mode":"list","block":{"block_types":{"http":{"nesting_mode":"list","block":{"attributes":{"password_ref":{"type":"string","description":"Reference to a secret containing the password to use for authentication.","description_kind":"markdown","required":true},"username":{"type":"string","description":"Username to use for authentication.","description_kind":"markdown","optional":true},"username_ref":{"type":"string","description":"Reference to a secret containing the username to use for authentication.","description_kind":"markdown","optional":true}},"description":"Authenticate using Username and password over http(s) for the connection.","description_kind":"markdown"},"max_items":1},"ssh":{"nesting_mode":"list","block":{"attributes":{"ssh_key_ref":{"type":"string","description":"Reference to the Harness secret containing the ssh key.","description_kind":"markdown","required":true}},"description":"Authenticate using SSH for the connection.","description_kind":"markdown"},"max_items":1}},"description":"Credentials to use for the connection.","description_kind":"markdown"},"min_items":1,"max_items":1}},"description":"Git connector","description_kind":"markdown"},"max_items":1},"http_helm":{"nesting_mode":"list","block":{"attributes":{"delegate_selectors":{"type":["set","string"],"description":"Connect using only the delegates which have these tags.","description_kind":"markdown","optional":true},"url":{"type":"string","description":"URL of the helm server.","description_kind":"markdown","required":true}},"block_types":{"credentials":{"nesting_mode":"list","block":{"attributes":{"password_ref":{"type":"string","description":"Reference to a secret containing the password to use for authentication.","description_kind":"markdown","required":true},"username":{"type":"string","description":"Username to use for authentication.","description_kind":"markdown","optional":true},"username_ref":{"type":"string","description":"Reference to a secret containing the username to use for authentication.","description_kind":"markdown","optional":true}},"description":"Credentials to use for authentication.","description_kind":"markdown"},"max_items":1}},"description":"Helm connector.","description_kind":"markdown"},"max_items":1},"k8s_cluster":{"nesting_mode":"list","block":{"block_types":{"client_key_cert":{"nesting_mode":"list","block":{"attributes":{"ca_cert_ref":{"type":"string","description":"Reference to the secret containing the CA certificate for the connector.","description_kind":"markdown","optional":true},"client_cert_ref":{"type":"string","description":"Reference to the secret containing the client certificate for the connector.","description_kind":"markdown","required":true},"client_key_algorithm":{"type":"string","description":"The algorithm used to generate the client key for the connector. Valid values are RSA, EC","description_kind":"markdown","required":true},"client_key_passphrase_ref":{"type":"string","description":"Reference to the secret containing the client key passphrase for the connector.","description_kind":"markdown","optional":true},"client_key_ref":{"type":"string","description":"Reference to the secret containing the client key for the connector.","description_kind":"markdown","required":true},"master_url":{"type":"string","description":"The URL of the Kubernetes cluster.","description_kind":"markdown","required":true}},"description":"Client key and certificate config for the connector.","description_kind":"markdown"},"max_items":1},"inherit_from_delegate":{"nesting_mode":"list","block":{"attributes":{"delegate_selectors":{"type":["set","string"],"description":"Selectors to use for the delegate.","description_kind":"markdown","required":true}},"description":"Credentials are inherited from the delegate.","description_kind":"markdown"},"max_items":1},"openid_connect":{"nesting_mode":"list","block":{"attributes":{"client_id_ref":{"type":"string","description":"Reference to the secret containing the client ID for the connector.","description_kind":"markdown","required":true},"issuer_url":{"type":"string","description":"The URL of the OpenID Connect issuer.","description_kind":"markdown","required":true},"master_url":{"type":"string","description":"The URL of the Kubernetes cluster.","description_kind":"markdown","required":true},"password_ref":{"type":"string","description":"Reference to the secret containing the password for the connector.","description_kind":"markdown","required":true},"scopes":{"type":["list","string"],"description":"Scopes to request for the connector.","description_kind":"markdown","optional":true},"secret_ref":{"type":"string","description":"Reference to the secret containing the client secret for the connector.","description_kind":"markdown","optional":true},"username":{"type":"string","description":"Username for the connector.","description_kind":"markdown","optional":true},"username_ref":{"type":"string","description":"Reference to the secret containing the username for the connector.","description_kind":"markdown","optional":true}},"description":"OpenID configuration for the connector.","description_kind":"markdown"},"max_items":1},"service_account":{"nesting_mode":"list","block":{"attributes":{"master_url":{"type":"string","description":"The URL of the Kubernetes cluster.","description_kind":"markdown","required":true},"service_account_token_ref":{"type":"string","description":"Reference to the secret containing the service account token for the connector.","description_kind":"markdown","required":true}},"description":"Service account for the connector.","description_kind":"markdown"},"max_items":1},"username_password":{"nesting_mode":"list","block":{"attributes":{"master_url":{"type":"string","description":"The URL of the Kubernetes cluster.","description_kind":"markdown","required":true},"password_ref":{"type":"string","description":"Reference to the secret containing the password for the connector.","description_kind":"markdown","required":true},"username":{"type":"string","description":"Username for the connector.","description_kind":"markdown","optional":true},"username_ref":{"type":"string","description":"Reference to the secret containing the username for the connector.","description_kind":"markdown","optional":true}},"description":"Username and password for the connector.","description_kind":"markdown"},"max_items":1}},"description":"The k8s cluster to use for the connector.","description_kind":"markdown"},"max_items":1},"nexus":{"nesting_mode":"list","block":{"attributes":{"delegate_selectors":{"type":["set","string"],"description":"Connect using only the delegates which have these tags.","description_kind":"markdown","optional":true},"url":{"type":"string","description":"URL of the Nexus server.","description_kind":"markdown","required":true},"version":{"type":"string","description":"Version of the Nexus server. Valid values are 2.x, 3.x","description_kind":"markdown","required":true}},"block_types":{"credentials":{"nesting_mode":"list","block":{"attributes":{"password_ref":{"type":"string","description":"Reference to a secret containing the password to use for authentication.","description_kind":"markdown","required":true},"username":{"type":"string","description":"Username to use for authentication.","description_kind":"markdown","optional":true},"username_ref":{"type":"string","description":"Reference to a secret containing the username to use for authentication.","description_kind":"markdown","optional":true}},"description":"Credentials to use for authentication.","description_kind":"markdown"},"max_items":1}},"description":"Nexus connector.","description_kind":"markdown"},"max_items":1}},"description":"[NG] - Resource for creating a connector. This resource is part of the Harness nextgen platform.","description_kind":"markdown"}},"harness_encrypted_text":{"version":0,"block":{"attributes":{"id":{"type":"string","description":"Id of the encrypted text secret","description_kind":"markdown","computed":true},"inherit_scopes_from_secret_manager":{"type":"bool","description":"Boolean that indicates whether or not to inherit the usage scopes from the secret manager","description_kind":"markdown","optional":true},"name":{"type":"string","description":"Name of the encrypted text secret","description_kind":"markdown","required":true},"scoped_to_account":{"type":"bool","description":"Boolean that indicates whether or not the secret is scoped to the account","description_kind":"markdown","optional":true},"secret_manager_id":{"type":"string","description":"The id of the secret manager to associate the secret with. Once set, this field cannot be changed.","description_kind":"markdown","required":true},"secret_reference":{"type":"string","description":"Name of the existing secret. If you already have secrets created in a secrets manager such as HashiCorp Vault or AWS Secrets Manager, you do not need to re-create the existing secrets in Harness.","description_kind":"markdown","optional":true},"value":{"type":"string","description":"The value of the secret.","description_kind":"markdown","optional":true,"sensitive":true}},"block_types":{"usage_scope":{"nesting_mode":"set","block":{"attributes":{"application_id":{"type":"string","description":"Id of the application to scope to. If empty then this scope applies to all applications.","description_kind":"markdown","optional":true},"environment_filter_type":{"type":"string","description":"Type of environment filter applied. Cannot be used with `environment_id`. Valid options are NON_PRODUCTION_ENVIRONMENTS, PRODUCTION_ENVIRONMENTS.","description_kind":"markdown","optional":true},"environment_id":{"type":"string","description":"Id of the id of the specific environment to scope to. Cannot be used with `environment_filter_type`.","description_kind":"markdown","optional":true}},"description":"This block is used for scoping the resource to a specific set of applications or environments.","description_kind":"markdown"}}},"description":"Resource for creating an encrypted text secret","description_kind":"markdown"}},"harness_environment":{"version":0,"block":{"attributes":{"app_id":{"type":"string","description":"The id of the application.","description_kind":"markdown","required":true},"description":{"type":"string","description":"The description of the environment.","description_kind":"markdown","optional":true},"id":{"type":"string","description":"The id of the environment.","description_kind":"markdown","computed":true},"name":{"type":"string","description":"The name of the environment.","description_kind":"markdown","required":true},"type":{"type":"string","description":"The type of the environment. Valid values are `PROD` and `NON_PROD`","description_kind":"markdown","required":true}},"block_types":{"variable_override":{"nesting_mode":"set","block":{"attributes":{"name":{"type":"string","description":"The name of the variable","description_kind":"markdown","required":true},"service_name":{"type":"string","description":"The name of the service","description_kind":"markdown","required":true},"type":{"type":"string","description":"The type of the service variable. Valid values are `TEXT` and `ENCRYPTED_TEXT`","description_kind":"markdown","required":true},"value":{"type":"string","description":"The value of the service variable","description_kind":"markdown","required":true}},"description":"Override for a service variable","description_kind":"markdown"}}},"description":"Resource for creating an environment","description_kind":"markdown"}},"harness_git_connector":{"version":0,"block":{"attributes":{"branch":{"type":"string","description":"The branch of the git connector to use","description_kind":"markdown","optional":true},"created_at":{"type":"string","description":"The time the git connector was created","description_kind":"markdown","computed":true},"delegate_selectors":{"type":["set","string"],"description":"Delegate selectors to apply to this git connector.","description_kind":"markdown","optional":true},"generate_webhook_url":{"type":"bool","description":"Boolean indicating whether or not to generate a webhook url.","description_kind":"markdown","optional":true},"id":{"type":"string","description":"Id of the git connector.","description_kind":"markdown","computed":true},"name":{"type":"string","description":"Name of the git connector.","description_kind":"markdown","required":true},"password_secret_id":{"type":"string","description":"The id of the secret for connecting to the git repository.","description_kind":"markdown","optional":true},"ssh_setting_id":{"type":"string","description":"The id of the SSH secret to use","description_kind":"markdown","optional":true},"url":{"type":"string","description":"The url of the git repository or account/organization","description_kind":"markdown","required":true},"url_type":{"type":"string","description":"The type of git url being used. Options are `ACCOUNT`, and `REPO.`","description_kind":"markdown","required":true},"username":{"type":"string","description":"The name of the user used to connect to the git repository","description_kind":"markdown","optional":true},"webhook_url":{"type":"string","description":"The generated webhook url","description_kind":"markdown","computed":true}},"block_types":{"commit_details":{"nesting_mode":"set","block":{"attributes":{"author_email_id":{"type":"string","description":"The email id of the author","description_kind":"markdown","optional":true},"author_name":{"type":"string","description":"The name of the author","description_kind":"markdown","optional":true},"message":{"type":"string","description":"Commit message","description_kind":"markdown","optional":true}},"description":"Custom details to use when making commits using this git connector","description_kind":"markdown"},"max_items":1},"usage_scope":{"nesting_mode":"set","block":{"attributes":{"application_id":{"type":"string","description":"Id of the application to scope to. If empty then this scope applies to all applications.","description_kind":"markdown","optional":true},"environment_filter_type":{"type":"string","description":"Type of environment filter applied. Cannot be used with `environment_id`. Valid options are NON_PRODUCTION_ENVIRONMENTS, PRODUCTION_ENVIRONMENTS.","description_kind":"markdown","optional":true},"environment_id":{"type":"string","description":"Id of the id of the specific environment to scope to. Cannot be used with `environment_filter_type`.","description_kind":"markdown","optional":true}},"description":"This block is used for scoping the resource to a specific set of applications or environments.","description_kind":"markdown"}}},"description":"Resource for creating a git connector","description_kind":"markdown"}},"harness_infrastructure_definition":{"version":0,"block":{"attributes":{"app_id":{"type":"string","description":"The id of the application the infrastructure definition belongs to.","description_kind":"markdown","required":true},"cloud_provider_type":{"type":"string","description":"The type of the cloud provider to connect with. Valid options are AWS, AZURE, CUSTOM, PHYSICAL_DATA_CENTER, KUBERNETES_CLUSTER, PCF, SPOT_INST","description_kind":"markdown","required":true},"deployment_template_uri":{"type":"string","description":"The URI of the deployment template to use. Only used if deployment_type is `CUSTOM`.","description_kind":"markdown","optional":true},"deployment_type":{"type":"string","description":"The type of the deployment to use. Valid options are AMI, AWS_CODEDEPLOY, AWS_LAMBDA, AZURE_VMSS, AZURE_WEBAPP, Custom, ECS, HELM, KUBERNETES, PCF, SSH, WINRM","description_kind":"markdown","required":true},"env_id":{"type":"string","description":"The id of the environment the infrastructure definition belongs to.","description_kind":"markdown","required":true},"id":{"type":"string","description":"The unique id of the infrastructure definition.","description_kind":"markdown","computed":true},"name":{"type":"string","description":"The name of the infrastructure definition","description_kind":"markdown","required":true},"provisioner_name":{"type":"string","description":"The name of the infrastructure provisioner to use.","description_kind":"markdown","optional":true},"scoped_services":{"type":["set","string"],"description":"The list of service names to scope this infrastructure definition to.","description_kind":"markdown","optional":true}},"block_types":{"aws_ami":{"nesting_mode":"list","block":{"attributes":{"ami_deployment_type":{"type":"string","description":"The ami deployment type to use. Valid options are AWS_ASG, SPOTINST","description_kind":"markdown","required":true},"asg_identifies_workload":{"type":"bool","description":"Flag to indicate whether the autoscaling group identifies the workload.","description_kind":"markdown","optional":true},"autoscaling_group_name":{"type":"string","description":"The name of the autoscaling group.","description_kind":"markdown","optional":true},"classic_loadbalancers":{"type":["set","string"],"description":"The classic load balancers to use.","description_kind":"markdown","optional":true},"cloud_provider_name":{"type":"string","description":"The name of the cloud provider to connect with.","description_kind":"markdown","required":true},"hostname_convention":{"type":"string","description":"The naming convention to use for the hostname. Defaults to ${host.ec2Instance.privateDnsName.split('\\.')[0]}","description_kind":"markdown","optional":true},"region":{"type":"string","description":"The region to deploy to.","description_kind":"markdown","required":true},"spotinst_cloud_provider_name":{"type":"string","description":"The name of the SpotInst cloud provider to connect with.","description_kind":"markdown","optional":true},"spotinst_config_json":{"type":"string","description":"The SpotInst configuration to use.","description_kind":"markdown","optional":true},"stage_classic_loadbalancers":{"type":["set","string"],"description":"The staging classic load balancers to use.","description_kind":"markdown","optional":true},"stage_target_group_arns":{"type":["set","string"],"description":"The staging classic load balancers to use.","description_kind":"markdown","optional":true},"target_group_arns":{"type":["set","string"],"description":"The ARN's of the target groups.","description_kind":"markdown","optional":true},"use_traffic_shift":{"type":"bool","description":"Flag to enable traffic shifting.","description_kind":"markdown","optional":true}},"description":"The configuration details for Aws AMI deployments.","description_kind":"markdown"},"max_items":1},"aws_ecs":{"nesting_mode":"list","block":{"attributes":{"assign_public_ip":{"type":"bool","description":"Flag to assign a public IP address.","description_kind":"markdown","optional":true},"cloud_provider_name":{"type":"string","description":"The name of the cloud provider to connect with.","description_kind":"markdown","required":true},"cluster_name":{"type":"string","description":"The name of the ECS cluster to use.","description_kind":"markdown","required":true},"execution_role":{"type":"string","description":"The ARN of the role to use for execution.","description_kind":"markdown","optional":true},"launch_type":{"type":"string","description":"The type of launch configuration to use. Valid options are FARGATE","description_kind":"markdown","required":true},"region":{"type":"string","description":"The region to deploy to.","description_kind":"markdown","required":true},"security_group_ids":{"type":["set","string"],"description":"The security group ids to apply to the ecs service.","description_kind":"markdown","optional":true},"subnet_ids":{"type":["set","string"],"description":"The subnet ids to apply to the ecs service.","description_kind":"markdown","optional":true},"vpc_id":{"type":"string","description":"The VPC ids to use when selecting the instances.","description_kind":"markdown","optional":true}},"description":"The configuration details for Aws AMI deployments.","description_kind":"markdown"},"max_items":1},"aws_lambda":{"nesting_mode":"list","block":{"attributes":{"cloud_provider_name":{"type":"string","description":"The name of the cloud provider to connect with.","description_kind":"markdown","required":true},"iam_role":{"type":"string","description":"The IAM role to use.","description_kind":"markdown","optional":true},"region":{"type":"string","description":"The region to deploy to.","description_kind":"markdown","required":true},"security_group_ids":{"type":["set","string"],"description":"The security group ids to apply to the ecs service.","description_kind":"markdown","optional":true},"subnet_ids":{"type":["set","string"],"description":"The subnet ids to apply to the ecs service.","description_kind":"markdown","optional":true},"vpc_id":{"type":"string","description":"The VPC ids to use when selecting the instances.","description_kind":"markdown","optional":true}},"description":"The configuration details for Aws Lambda deployments.","description_kind":"markdown"},"max_items":1},"aws_ssh":{"nesting_mode":"list","block":{"attributes":{"autoscaling_group_name":{"type":"string","description":"The name of the autoscaling group.","description_kind":"markdown","optional":true},"cloud_provider_name":{"type":"string","description":"The name of the cloud provider to connect with.","description_kind":"markdown","required":true},"desired_capacity":{"type":"number","description":"The desired capacity of the auto scaling group.","description_kind":"markdown","optional":true},"host_connection_attrs_name":{"type":"string","description":"The name of the host connection attributes to use.","description_kind":"markdown","optional":true},"host_connection_type":{"type":"string","description":"The type of host connection to use. Valid options are PRIVATE_DNS, PUBLIC_DNS, PRIVATE_IP, PUBLIC_IP","description_kind":"markdown","required":true},"hostname_convention":{"type":"string","description":"The naming convention to use for the hostname. Defaults to ${host.ec2Instance.privateDnsName.split('\\.')[0]}","description_kind":"markdown","optional":true},"loadbalancer_name":{"type":"string","description":"The name of the load balancer to use.","description_kind":"markdown","optional":true},"region":{"type":"string","description":"The region to deploy to.","description_kind":"markdown","required":true},"vpc_ids":{"type":["set","string"],"description":"The VPC ids to use when selecting the instances.","description_kind":"markdown","optional":true}},"block_types":{"tag":{"nesting_mode":"set","block":{"attributes":{"key":{"type":"string","description":"The key of the tag.","description_kind":"markdown","required":true},"value":{"type":"string","description":"The value of the tag.","description_kind":"markdown","required":true}},"description":"The tags to use when selecting the instances.","description_kind":"markdown"}}},"description":"The configuration details for AWS SSH deployments.","description_kind":"markdown"},"max_items":1},"aws_winrm":{"nesting_mode":"list","block":{"attributes":{"autoscaling_group_name":{"type":"string","description":"The name of the autoscaling group.","description_kind":"markdown","required":true},"cloud_provider_name":{"type":"string","description":"The name of the cloud provider to connect with.","description_kind":"markdown","required":true},"desired_capacity":{"type":"number","description":"The desired capacity of the autoscaling group.","description_kind":"markdown","optional":true},"host_connection_attrs_name":{"type":"string","description":"The name of the host connection attributes to use.","description_kind":"markdown","required":true},"host_connection_type":{"type":"string","description":"The type of host connection to use. Valid options are PRIVATE_DNS, PUBLIC_DNS, PRIVATE_IP, PUBLIC_IP","description_kind":"markdown","required":true},"hostname_convention":{"type":"string","description":"The naming convention to use for the hostname. Defaults to ${host.ec2Instance.privateDnsName.split('\\.')[0]}","description_kind":"markdown","optional":true},"loadbalancer_name":{"type":"string","description":"The name of the load balancer to use.","description_kind":"markdown","optional":true},"region":{"type":"string","description":"The region to deploy to.","description_kind":"markdown","required":true}},"description":"The configuration details for AWS WinRM deployments.","description_kind":"markdown"},"max_items":1},"azure_vmss":{"nesting_mode":"list","block":{"attributes":{"auth_type":{"type":"string","description":"The type of authentication to use. Valid options are SSH_PUBLIC_KEY.","description_kind":"markdown","required":true},"base_name":{"type":"string","description":"Base name.","description_kind":"markdown","required":true},"cloud_provider_name":{"type":"string","description":"The name of the cloud provider to connect with.","description_kind":"markdown","required":true},"deployment_type":{"type":"string","description":"The type of deployment. Valid options are NATIVE_VMSS","description_kind":"markdown","required":true},"host_connection_attrs_name":{"type":"string","description":"The name of the host connection attributes to use.","description_kind":"markdown","optional":true},"resource_group_name":{"type":"string","description":"The name of the resource group.","description_kind":"markdown","required":true},"subscription_id":{"type":"string","description":"The unique id of the azure subscription.","description_kind":"markdown","required":true},"username":{"type":"string","description":"The username to connect with.","description_kind":"markdown","required":true}},"description":"The configuration details for Azure VMSS deployments.","description_kind":"markdown"},"max_items":1},"azure_webapp":{"nesting_mode":"list","block":{"attributes":{"cloud_provider_name":{"type":"string","description":"The name of the cloud provider to connect with.","description_kind":"markdown","required":true},"resource_group":{"type":"string","description":"The name of the resource group.","description_kind":"markdown","required":true},"subscription_id":{"type":"string","description":"The unique id of the azure subscription.","description_kind":"markdown","required":true}},"description":"The configuration details for Azure WebApp deployments.","description_kind":"markdown"},"max_items":1},"datacenter_ssh":{"nesting_mode":"list","block":{"attributes":{"cloud_provider_name":{"type":"string","description":"The name of the cloud provider to connect with.","description_kind":"markdown","required":true},"host_connection_attributes_name":{"type":"string","description":"The name of the SSH connection attributes to use.","description_kind":"markdown","required":true},"hostnames":{"type":["set","string"],"description":"A list of hosts to deploy to.","description_kind":"markdown","required":true}},"description":"The configuration details for SSH datacenter deployments.","description_kind":"markdown"},"max_items":1},"datacenter_winrm":{"nesting_mode":"list","block":{"attributes":{"cloud_provider_name":{"type":"string","description":"The name of the cloud provider to connect with.","description_kind":"markdown","required":true},"hostnames":{"type":["set","string"],"description":"A list of hosts to deploy to.","description_kind":"markdown","required":true},"winrm_connection_attributes_name":{"type":"string","description":"The name of the WinRM connection attributes to use.","description_kind":"markdown","required":true}},"description":"The configuration details for WinRM datacenter deployments.","description_kind":"markdown"},"max_items":1},"kubernetes":{"nesting_mode":"list","block":{"attributes":{"cloud_provider_name":{"type":"string","description":"The name of the cloud provider to connect with.","description_kind":"markdown","required":true},"namespace":{"type":"string","description":"The namespace in Kubernetes to deploy to.","description_kind":"markdown","required":true},"release_name":{"type":"string","description":"The naming convention of the release. When using Helm Native the default is ${infra.kubernetes.infraId}. For standard Kubernetes manifests the default is release-${infra.kubernetes.infraId}","description_kind":"markdown","required":true}},"description":"The configuration details for Kubernetes deployments.","description_kind":"markdown"},"max_items":1},"kubernetes_gcp":{"nesting_mode":"list","block":{"attributes":{"cloud_provider_name":{"type":"string","description":"The name of the cloud provider to connect with.","description_kind":"markdown","required":true},"cluster_name":{"type":"string","description":"The name of the cluster being deployed to.","description_kind":"markdown","required":true},"namespace":{"type":"string","description":"The namespace in Kubernetes to deploy to.","description_kind":"markdown","required":true},"release_name":{"type":"string","description":"The naming convention of the release.","description_kind":"markdown","required":true}},"description":"The configuration details for Kubernetes on GCP deployments.","description_kind":"markdown"},"max_items":1},"tanzu":{"nesting_mode":"list","block":{"attributes":{"cloud_provider_name":{"type":"string","description":"The name of the cloud provider to connect with.","description_kind":"markdown","required":true},"organization":{"type":"string","description":"The PCF organization to use.","description_kind":"markdown","required":true},"space":{"type":"string","description":"The PCF space to deploy to.","description_kind":"markdown","required":true}},"description":"The configuration details for PCF deployments.","description_kind":"markdown"},"max_items":1}},"description":"Resource for creating am infrastructure definition. This resource uses the config-as-code API's. When updating the `name` or `path` of this resource you should typically also set the `create_before_destroy = true` lifecycle setting.","description_kind":"markdown"}},"harness_organization":{"version":0,"block":{"attributes":{"description":{"type":"string","description":"Description of the organization.","description_kind":"markdown","optional":true},"id":{"type":"string","description_kind":"plain","optional":true,"computed":true},"identifier":{"type":"string","description":"Unique identifier of the organization.","description_kind":"markdown","required":true},"name":{"type":"string","description":"Name of the organization.","description_kind":"markdown","required":true},"tags":{"type":["set","string"],"description":"Tags associated with the organization.","description_kind":"markdown","optional":true}},"description":"[NG] - Resource for creating a Harness organization. This resource is part of the Harness nextgen platform.","description_kind":"markdown"}},"harness_project":{"version":0,"block":{"attributes":{"color":{"type":"string","description":"Color of the project.","description_kind":"markdown","optional":true},"description":{"type":"string","description":"Description of the project.","description_kind":"markdown","optional":true},"id":{"type":"string","description_kind":"plain","optional":true,"computed":true},"identifier":{"type":"string","description":"Unique identifier of the project.","description_kind":"markdown","required":true},"modules":{"type":["set","string"],"description":"Modules in the project.","description_kind":"markdown","computed":true},"name":{"type":"string","description":"Name of the project.","description_kind":"markdown","required":true},"org_id":{"type":"string","description":"Unique identifier of the organization.","description_kind":"markdown","required":true},"tags":{"type":["set","string"],"description":"Tags associated with the project.","description_kind":"markdown","computed":true}},"description":"[NG] - Resource for creating a Harness project. This resource is part of the Harness nextgen platform.","description_kind":"markdown"}},"harness_service_ami":{"version":0,"block":{"attributes":{"app_id":{"type":"string","description":"The id of the application the service belongs to","description_kind":"markdown","required":true},"description":{"type":"string","description":"Description of th service","description_kind":"markdown","optional":true},"id":{"type":"string","description":"Id of the service","description_kind":"markdown","computed":true},"name":{"type":"string","description":"Name of the service","description_kind":"markdown","required":true}},"block_types":{"variable":{"nesting_mode":"set","block":{"attributes":{"name":{"type":"string","description":"Name of the variable","description_kind":"markdown","required":true},"type":{"type":"string","description":"Type of the variable. Options are 'TEXT' and 'ENCRYPTED_TEXT'","description_kind":"markdown","required":true},"value":{"type":"string","description":"Value of the variable","description_kind":"markdown","required":true}},"description":"Variables to be used in the service","description_kind":"markdown"}}},"description":"Resource for creating an AMI service. This resource uses the config-as-code API's. When updating the `name` or `path` of this resource you should typically also set the `create_before_destroy = true` lifecycle setting.","description_kind":"markdown"}},"harness_service_aws_codedeploy":{"version":0,"block":{"attributes":{"app_id":{"type":"string","description":"The id of the application the service belongs to","description_kind":"markdown","required":true},"description":{"type":"string","description":"Description of th service","description_kind":"markdown","optional":true},"id":{"type":"string","description":"Id of the service","description_kind":"markdown","computed":true},"name":{"type":"string","description":"Name of the service","description_kind":"markdown","required":true}},"block_types":{"variable":{"nesting_mode":"set","block":{"attributes":{"name":{"type":"string","description":"Name of the variable","description_kind":"markdown","required":true},"type":{"type":"string","description":"Type of the variable. Options are 'TEXT' and 'ENCRYPTED_TEXT'","description_kind":"markdown","required":true},"value":{"type":"string","description":"Value of the variable","description_kind":"markdown","required":true}},"description":"Variables to be used in the service","description_kind":"markdown"}}},"description":"Resource for creating an AWS CodeDeploy service. This resource uses the config-as-code API's. When updating the `name` or `path` of this resource you should typically also set the `create_before_destroy = true` lifecycle setting.","description_kind":"markdown"}},"harness_service_aws_lambda":{"version":0,"block":{"attributes":{"app_id":{"type":"string","description":"The id of the application the service belongs to","description_kind":"markdown","required":true},"description":{"type":"string","description":"Description of th service","description_kind":"markdown","optional":true},"id":{"type":"string","description":"Id of the service","description_kind":"markdown","computed":true},"name":{"type":"string","description":"Name of the service","description_kind":"markdown","required":true}},"block_types":{"variable":{"nesting_mode":"set","block":{"attributes":{"name":{"type":"string","description":"Name of the variable","description_kind":"markdown","required":true},"type":{"type":"string","description":"Type of the variable. Options are 'TEXT' and 'ENCRYPTED_TEXT'","description_kind":"markdown","required":true},"value":{"type":"string","description":"Value of the variable","description_kind":"markdown","required":true}},"description":"Variables to be used in the service","description_kind":"markdown"}}},"description":"Resource for creating an AWS Lambda service. This resource uses the config-as-code API's. When updating the `name` or `path` of this resource you should typically also set the `create_before_destroy = true` lifecycle setting.","description_kind":"markdown"}},"harness_service_ecs":{"version":0,"block":{"attributes":{"app_id":{"type":"string","description":"The id of the application the service belongs to","description_kind":"markdown","required":true},"description":{"type":"string","description":"Description of th service","description_kind":"markdown","optional":true},"id":{"type":"string","description":"Id of the service","description_kind":"markdown","computed":true},"name":{"type":"string","description":"Name of the service","description_kind":"markdown","required":true}},"block_types":{"variable":{"nesting_mode":"set","block":{"attributes":{"name":{"type":"string","description":"Name of the variable","description_kind":"markdown","required":true},"type":{"type":"string","description":"Type of the variable. Options are 'TEXT' and 'ENCRYPTED_TEXT'","description_kind":"markdown","required":true},"value":{"type":"string","description":"Value of the variable","description_kind":"markdown","required":true}},"description":"Variables to be used in the service","description_kind":"markdown"}}},"description":"Resource for creating an AWS ECS service. This resource uses the config-as-code API's. When updating the `name` or `path` of this resource you should typically also set the `create_before_destroy = true` lifecycle setting.","description_kind":"markdown"}},"harness_service_helm":{"version":0,"block":{"attributes":{"app_id":{"type":"string","description":"The id of the application the service belongs to","description_kind":"markdown","required":true},"description":{"type":"string","description":"Description of th service","description_kind":"markdown","optional":true},"id":{"type":"string","description":"Id of the service","description_kind":"markdown","computed":true},"name":{"type":"string","description":"Name of the service","description_kind":"markdown","required":true}},"block_types":{"variable":{"nesting_mode":"set","block":{"attributes":{"name":{"type":"string","description":"Name of the variable","description_kind":"markdown","required":true},"type":{"type":"string","description":"Type of the variable. Options are 'TEXT' and 'ENCRYPTED_TEXT'","description_kind":"markdown","required":true},"value":{"type":"string","description":"Value of the variable","description_kind":"markdown","required":true}},"description":"Variables to be used in the service","description_kind":"markdown"}}},"description":"Resource for creating a Kubernetes Helm service. This resource uses the config-as-code API's. When updating the `name` or `path` of this resource you should typically also set the `create_before_destroy = true` lifecycle setting.","description_kind":"markdown"}},"harness_service_kubernetes":{"version":0,"block":{"attributes":{"app_id":{"type":"string","description":"The id of the application the service belongs to","description_kind":"markdown","required":true},"description":{"type":"string","description":"Description of th service","description_kind":"markdown","optional":true},"helm_version":{"type":"string","description":"The version of Helm to use. Options are `V2` and `V3`. Defaults to 'V2'. Only used when `type` is `KUBERNETES` or `HELM`.","description_kind":"markdown","optional":true},"id":{"type":"string","description":"Id of the service","description_kind":"markdown","computed":true},"name":{"type":"string","description":"Name of the service","description_kind":"markdown","required":true}},"block_types":{"variable":{"nesting_mode":"set","block":{"attributes":{"name":{"type":"string","description":"Name of the variable","description_kind":"markdown","required":true},"type":{"type":"string","description":"Type of the variable. Options are 'TEXT' and 'ENCRYPTED_TEXT'","description_kind":"markdown","required":true},"value":{"type":"string","description":"Value of the variable","description_kind":"markdown","required":true}},"description":"Variables to be used in the service","description_kind":"markdown"}}},"description":"Resource for creating a Kubernetes service. This resource uses the config-as-code API's. When updating the `name` or `path` of this resource you should typically also set the `create_before_destroy = true` lifecycle setting.","description_kind":"markdown"}},"harness_service_ssh":{"version":0,"block":{"attributes":{"app_id":{"type":"string","description":"The id of the application the service belongs to","description_kind":"markdown","required":true},"artifact_type":{"type":"string","description":"The type of artifact to deploy.","description_kind":"markdown","required":true},"description":{"type":"string","description":"Description of th service","description_kind":"markdown","optional":true},"id":{"type":"string","description":"Id of the service","description_kind":"markdown","computed":true},"name":{"type":"string","description":"Name of the service","description_kind":"markdown","required":true}},"block_types":{"variable":{"nesting_mode":"set","block":{"attributes":{"name":{"type":"string","description":"Name of the variable","description_kind":"markdown","required":true},"type":{"type":"string","description":"Type of the variable. Options are 'TEXT' and 'ENCRYPTED_TEXT'","description_kind":"markdown","required":true},"value":{"type":"string","description":"Value of the variable","description_kind":"markdown","required":true}},"description":"Variables to be used in the service","description_kind":"markdown"}}},"description":"Resource for creating an SSH service. This resource uses the config-as-code API's. When updating the `name` or `path` of this resource you should typically also set the `create_before_destroy = true` lifecycle setting.","description_kind":"markdown"}},"harness_service_tanzu":{"version":0,"block":{"attributes":{"app_id":{"type":"string","description":"The id of the application the service belongs to","description_kind":"markdown","required":true},"description":{"type":"string","description":"Description of th service","description_kind":"markdown","optional":true},"id":{"type":"string","description":"Id of the service","description_kind":"markdown","computed":true},"name":{"type":"string","description":"Name of the service","description_kind":"markdown","required":true}},"block_types":{"variable":{"nesting_mode":"set","block":{"attributes":{"name":{"type":"string","description":"Name of the variable","description_kind":"markdown","required":true},"type":{"type":"string","description":"Type of the variable. Options are 'TEXT' and 'ENCRYPTED_TEXT'","description_kind":"markdown","required":true},"value":{"type":"string","description":"Value of the variable","description_kind":"markdown","required":true}},"description":"Variables to be used in the service","description_kind":"markdown"}}},"description":"Resource for creating a Tanzu (PCF) service. This resource uses the config-as-code API's. When updating the `name` or `path` of this resource you should typically also set the `create_before_destroy = true` lifecycle setting.","description_kind":"markdown"}},"harness_service_winrm":{"version":0,"block":{"attributes":{"app_id":{"type":"string","description":"The id of the application the service belongs to","description_kind":"markdown","required":true},"artifact_type":{"type":"string","description":"The type of artifact to deploy.","description_kind":"markdown","required":true},"description":{"type":"string","description":"Description of th service","description_kind":"markdown","optional":true},"id":{"type":"string","description":"Id of the service","description_kind":"markdown","computed":true},"name":{"type":"string","description":"Name of the service","description_kind":"markdown","required":true}},"block_types":{"variable":{"nesting_mode":"set","block":{"attributes":{"name":{"type":"string","description":"Name of the variable","description_kind":"markdown","required":true},"type":{"type":"string","description":"Type of the variable. Options are 'TEXT' and 'ENCRYPTED_TEXT'","description_kind":"markdown","required":true},"value":{"type":"string","description":"Value of the variable","description_kind":"markdown","required":true}},"description":"Variables to be used in the service","description_kind":"markdown"}}},"description":"Resource for creating an WinRM service. This resource uses the config-as-code API's. When updating the `name` or `path` of this resource you should typically also set the `create_before_destroy = true` lifecycle setting.","description_kind":"markdown"}},"harness_ssh_credential":{"version":0,"block":{"attributes":{"id":{"type":"string","description":"Id of the encrypted text secret","description_kind":"markdown","computed":true},"name":{"type":"string","description":"Name of the encrypted text secret","description_kind":"markdown","required":true}},"block_types":{"kerberos_authentication":{"nesting_mode":"list","block":{"attributes":{"port":{"type":"number","description":"Port to use for Kerberos authentication","description_kind":"markdown","required":true},"principal":{"type":"string","description":"Name of the principal for authentication","description_kind":"markdown","required":true},"realm":{"type":"string","description":"Realm associated with the Kerberos authentication","description_kind":"markdown","required":true}},"block_types":{"tgt_generation_method":{"nesting_mode":"list","block":{"attributes":{"kerberos_password_id":{"type":"string","description":"The id of the encrypted text secret","description_kind":"markdown","optional":true},"key_tab_file_path":{"type":"string","description":"The path to the key tab file","description_kind":"markdown","optional":true}},"description":"TGT generation method","description_kind":"markdown"},"max_items":1}},"description":"Kerberos authentication for SSH. Cannot be used if ssh_authentication is specified","description_kind":"markdown"},"max_items":1},"ssh_authentication":{"nesting_mode":"list","block":{"attributes":{"port":{"type":"number","description":"The port to connect to","description_kind":"markdown","required":true},"username":{"type":"string","description":"The username to use when connecting to ssh","description_kind":"markdown","required":true}},"block_types":{"inline_ssh":{"nesting_mode":"list","block":{"attributes":{"passphrase_secret_id":{"type":"string","description":"The id of the encrypted secret to use","description_kind":"markdown","optional":true},"ssh_key_file_id":{"type":"string","description":"The id of the secret containing the SSH key","description_kind":"markdown","required":true}},"description":"Inline SSH authentication configuration. Only ond of `passphrase_secret_id` or `ssh_key_file_id` should be used","description_kind":"markdown"},"max_items":1},"server_password":{"nesting_mode":"list","block":{"attributes":{"password_secret_id":{"type":"string","description":"The id of the encrypted secret","description_kind":"markdown","required":true}},"description":"Server password authentication configuration","description_kind":"markdown"},"max_items":1},"ssh_key_file":{"nesting_mode":"list","block":{"attributes":{"passphrase_secret_id":{"type":"string","description":"The id of the secret containing the password to use for the ssh key","description_kind":"markdown","optional":true},"path":{"type":"string","description":"The path to the key file on the delegate","description_kind":"markdown","required":true}},"description":"Use ssh key file for authentication","description_kind":"markdown"},"max_items":1}},"description":"Authentication method for SSH. Cannot be used if kerberos_authentication is specified. Only one of `inline_ssh`, `server_password`, or `ssh_key_file` should be set","description_kind":"markdown"},"max_items":1},"usage_scope":{"nesting_mode":"set","block":{"attributes":{"application_id":{"type":"string","description":"Id of the application to scope to. If empty then this scope applies to all applications.","description_kind":"markdown","optional":true},"environment_filter_type":{"type":"string","description":"Type of environment filter applied. Cannot be used with `environment_id`. Valid options are NON_PRODUCTION_ENVIRONMENTS, PRODUCTION_ENVIRONMENTS.","description_kind":"markdown","optional":true},"environment_id":{"type":"string","description":"Id of the id of the specific environment to scope to. Cannot be used with `environment_filter_type`.","description_kind":"markdown","optional":true}},"description":"This block is used for scoping the resource to a specific set of applications or environments.","description_kind":"markdown"}}},"description":"Resource for creating an encrypted text secret","description_kind":"markdown"}},"harness_user":{"version":0,"block":{"attributes":{"email":{"type":"string","description":"The email of the user.","description_kind":"markdown","required":true},"id":{"type":"string","description":"Unique identifier of the user.","description_kind":"markdown","computed":true},"is_email_verified":{"type":"bool","description":"Flag indicating whether or not the users email has been verified.","description_kind":"markdown","computed":true},"is_imported_from_identity_provider":{"type":"bool","description":"Flag indicating whether or not the user was imported from an identity provider.","description_kind":"markdown","computed":true},"is_password_expired":{"type":"bool","description":"Flag indicating whether or not the users password has expired.","description_kind":"markdown","computed":true},"is_two_factor_auth_enabled":{"type":"bool","description":"Flag indicating whether or not two-factor authentication is enabled for the user.","description_kind":"markdown","computed":true},"is_user_locked":{"type":"bool","description":"Flag indicating whether or not the user is locked out.","description_kind":"markdown","computed":true},"name":{"type":"string","description":"The name of the user.","description_kind":"markdown","required":true}},"description":"Resource for creating a Harness user","description_kind":"markdown"}},"harness_user_group":{"version":0,"block":{"attributes":{"description":{"type":"string","description":"The description of the user group.","description_kind":"markdown","optional":true},"id":{"type":"string","description":"Unique identifier of the user group.","description_kind":"markdown","computed":true},"imported_by_scim":{"type":"bool","description":"Indicates whether the user group was imported by SCIM.","description_kind":"markdown","computed":true},"is_sso_linked":{"type":"bool","description":"Indicates whether the user group is linked to an SSO provider.","description_kind":"markdown","computed":true},"name":{"type":"string","description":"The name of the user group.","description_kind":"markdown","required":true}},"block_types":{"ldap_settings":{"nesting_mode":"list","block":{"attributes":{"group_dn":{"type":"string","description":"The group DN of the LDAP user group.","description_kind":"markdown","optional":true},"group_name":{"type":"string","description":"The group name of the LDAP user group.","description_kind":"markdown","optional":true},"sso_provider_id":{"type":"string","description":"The ID of the SSO provider.","description_kind":"markdown","optional":true}},"description":"The LDAP settings for the user group.","description_kind":"markdown"},"max_items":1},"notification_settings":{"nesting_mode":"list","block":{"attributes":{"group_email_addresses":{"type":["list","string"],"description":"The email addresses of the user group.","description_kind":"markdown","optional":true},"microsoft_teams_webhook_url":{"type":"string","description":"The Microsoft Teams webhook URL of the user group.","description_kind":"markdown","optional":true},"send_mail_to_new_members":{"type":"bool","description":"Indicates whether an email is sent when a new user is added to the group.","description_kind":"markdown","optional":true},"send_notifications_to_members":{"type":"bool","description":"Enable this setting to have notifications sent to the members of this group.","description_kind":"markdown","optional":true},"slack_channel":{"type":"string","description":"The Slack channel to send notifications to.","description_kind":"markdown","optional":true},"slack_webhook_url":{"type":"string","description":"The Slack webhook URL to send notifications to.","description_kind":"markdown","optional":true}},"description":"The notification settings of the user group.","description_kind":"markdown"},"max_items":1},"permissions":{"nesting_mode":"list","block":{"attributes":{"account_permissions":{"type":["set","string"],"description":"The account permissions of the user group. Valid options are ADMINISTER_OTHER_ACCOUNT_FUNCTIONS, CREATE_AND_DELETE_APPLICATION, CREATE_CUSTOM_DASHBOARDS, MANAGE_ALERT_NOTIFICATION_RULES, MANAGE_API_KEYS, MANAGE_APPLICATION_STACKS, MANAGE_AUTHENTICATION_SETTINGS, MANAGE_CLOUD_PROVIDERS, MANAGE_CONFIG_AS_CODE, MANAGE_CONNECTORS, MANAGE_CUSTOM_DASHBOARDS, MANAGE_DELEGATE_PROFILES, MANAGE_DELEGATES, MANAGE_DEPLOYMENT_FREEZES, MANAGE_IP_WHITELIST, MANAGE_PIPELINE_GOVERNANCE_STANDARDS, MANAGE_RESTRICTED_ACCESS, MANAGE_SECRET_MANAGERS, MANAGE_SECRETS, MANAGE_SSH_AND_WINRM, MANAGE_TAGS, MANAGE_TEMPLATE_LIBRARY, MANAGE_USER_AND_USER_GROUPS_AND_API_KEYS, MANAGE_USERS_AND_GROUPS, READ_USERS_AND_GROUPS, VIEW_AUDITS, VIEW_USER_AND_USER_GROUPS_AND_API_KEYS","description_kind":"markdown","optional":true}},"block_types":{"app_permissions":{"nesting_mode":"list","block":{"block_types":{"all":{"nesting_mode":"set","block":{"attributes":{"actions":{"type":["set","string"],"description":"The actions allowed to be performed. Valid options are CREATE, READ, UPDATE, DELETE, EXECUTE_WORKFLOW, EXECUTE_PIPELINE, ROLLBACK_WORKFLOW","description_kind":"markdown","required":true},"app_ids":{"type":["set","string"],"description":"The application IDs to which the permission applies. Leave empty to apply to all applications.","description_kind":"markdown","optional":true}},"description":"The permission to perform actions against all resources.","description_kind":"markdown"}},"deployment":{"nesting_mode":"set","block":{"attributes":{"actions":{"type":["set","string"],"description":"The actions allowed to be performed. Valid options are READ, EXECUTE_WORKFLOW, EXECUTE_PIPELINE, ROLLBACK_WORKFLOW","description_kind":"markdown","required":true},"app_ids":{"type":["set","string"],"description":"The application IDs to which the permission applies. Leave empty to apply to all applications.","description_kind":"markdown","optional":true},"env_ids":{"type":["set","string"],"description":"The environment IDs to which the permission applies. Leave empty to apply to all environments.","description_kind":"markdown","optional":true},"filters":{"type":["set","string"],"description":"The filters to apply to the action. Valid options are: NON_PRODUCTION_ENVIRONMENTS, PRODUCTION_ENVIRONMENTS.","description_kind":"markdown","required":true}},"description":"Permission configuration to perform actions against deployments.","description_kind":"markdown"}},"environment":{"nesting_mode":"set","block":{"attributes":{"actions":{"type":["set","string"],"description":"The actions allowed to be performed. Valid options are CREATE, READ, UPDATE, DELETE","description_kind":"markdown","required":true},"app_ids":{"type":["set","string"],"description":"The application IDs to which the permission applies. Leave empty to apply to all applications.","description_kind":"markdown","optional":true},"env_ids":{"type":["set","string"],"description":"The environment IDs to which the permission applies. Leave empty to apply to all environments.","description_kind":"markdown","optional":true},"filters":{"type":["set","string"],"description":"The filters to apply to the action. Valid options are: NON_PRODUCTION_ENVIRONMENTS, PRODUCTION_ENVIRONMENTS.","description_kind":"markdown","required":true}},"description":"Permission configuration to perform actions against workflows.","description_kind":"markdown"}},"pipeline":{"nesting_mode":"set","block":{"attributes":{"actions":{"type":["set","string"],"description":"The actions allowed to be performed. Valid options are [CREATE READ UPDATE DELETE]","description_kind":"markdown","required":true},"app_ids":{"type":["set","string"],"description":"The application IDs to which the permission applies. Leave empty to apply to all applications.","description_kind":"markdown","optional":true},"env_ids":{"type":["set","string"],"description":"The environment IDs to which the permission applies. Leave empty to apply to all environments.","description_kind":"markdown","optional":true},"filters":{"type":["set","string"],"description":"The filters to apply to the action. Valid options are: NON_PRODUCTION_PIPELINES, PRODUCTION_PIPELINES.","description_kind":"markdown","required":true}},"description":"Permission configuration to perform actions against pipelines.","description_kind":"markdown"}},"provisioner":{"nesting_mode":"set","block":{"attributes":{"actions":{"type":["set","string"],"description":"The actions allowed to be performed. Valid options are CREATE, READ, UPDATE, DELETE","description_kind":"markdown","required":true},"app_ids":{"type":["set","string"],"description":"The application IDs to which the permission applies. Leave empty to apply to all applications.","description_kind":"markdown","optional":true},"provisioner_ids":{"type":["set","string"],"description":"The provisioner IDs to which the permission applies. Leave empty to apply to all provisioners.","description_kind":"markdown","optional":true}},"description":"Permission configuration to perform actions against provisioners.","description_kind":"markdown"}},"service":{"nesting_mode":"set","block":{"attributes":{"actions":{"type":["set","string"],"description":"The actions allowed to be performed. Valid options are CREATE, READ, UPDATE, DELETE","description_kind":"markdown","required":true},"app_ids":{"type":["set","string"],"description":"The application IDs to which the permission applies. Leave empty to apply to all applications.","description_kind":"markdown","optional":true},"service_ids":{"type":["set","string"],"description":"The service IDs to which the permission applies. Leave empty to apply to all services.","description_kind":"markdown","optional":true}},"description":"Permission configuration to perform actions against services.","description_kind":"markdown"}},"template":{"nesting_mode":"set","block":{"attributes":{"actions":{"type":["set","string"],"description":"The actions allowed to be performed. Valid options are CREATE, READ, UPDATE, DELETE","description_kind":"markdown","required":true},"app_ids":{"type":["set","string"],"description":"The application IDs to which the permission applies. Leave empty to apply to all applications.","description_kind":"markdown","optional":true},"template_ids":{"type":["set","string"],"description":"The template IDs to which the permission applies. Leave empty to apply to all environments.","description_kind":"markdown","optional":true}},"description":"Permission configuration to perform actions against templates.","description_kind":"markdown"}},"workflow":{"nesting_mode":"set","block":{"attributes":{"actions":{"type":["set","string"],"description":"The actions allowed to be performed. Valid options are CREATE, READ, UPDATE, DELETE","description_kind":"markdown","required":true},"app_ids":{"type":["set","string"],"description":"The application IDs to which the permission applies. Leave empty to apply to all applications.","description_kind":"markdown","optional":true},"filters":{"type":["set","string"],"description":"The filters to apply to the action. Valid options are: NON_PRODUCTION_WORKFLOWS, PRODUCTION_WORKFLOWS, WORKFLOW_TEMPLATES.","description_kind":"markdown","required":true}},"description":"Permission configuration to perform actions against workflows.","description_kind":"markdown"}}},"description":"Application specific permissions","description_kind":"markdown"},"max_items":1}},"description":"The permissions of the user group.","description_kind":"markdown"},"max_items":1},"saml_settings":{"nesting_mode":"list","block":{"attributes":{"group_name":{"type":"string","description":"The group name of the SAML user group.","description_kind":"markdown","optional":true},"sso_provider_id":{"type":"string","description":"The ID of the SSO provider.","description_kind":"markdown","optional":true}},"description":"The SAML settings for the user group.","description_kind":"markdown"},"max_items":1}},"description":"Resource for creating a Harness user group","description_kind":"markdown"}},"harness_yaml_config":{"version":0,"block":{"attributes":{"app_id":{"type":"string","description":"The id of the application. This is required for all resources except global ones.","description_kind":"markdown","optional":true},"content":{"type":"string","description":"The raw YAML configuration.","description_kind":"markdown","required":true},"id":{"type":"string","description":"The unique id of the resource.","description_kind":"markdown","computed":true},"name":{"type":"string","description":"The name of the resource.","description_kind":"markdown","computed":true},"path":{"type":"string","description":"The path of the resource.","description_kind":"markdown","required":true}},"description":"Resource for creating a raw YAML configuration in Harness. Note: This works for all objects EXCEPT application objects. This resource uses the config-as-code API's. When updating the `name` or `path` of this resource you should typically also set the `create_before_destroy = true` lifecycle setting.","description_kind":"markdown"}}},"data_source_schemas":{"harness_application":{"version":0,"block":{"attributes":{"description":{"type":"string","description":"The application description","description_kind":"markdown","optional":true},"git_sync_connector_id":{"type":"string","description":"The id of the git sync connector","description_kind":"markdown","optional":true},"git_sync_enabled":{"type":"bool","description":"True if git sync is enabled on this application","description_kind":"markdown","optional":true},"id":{"type":"string","description":"Unique identifier of the application","description_kind":"markdown","optional":true},"is_manual_trigger_authorized":{"type":"bool","description":"When this is set to true, all manual triggers will require API Key authorization","description_kind":"markdown","optional":true},"name":{"type":"string","description":"The name of the application","description_kind":"markdown","optional":true}},"description":"Data source for retrieving a Harness application","description_kind":"markdown"}},"harness_connector":{"version":0,"block":{"attributes":{"branch":{"type":"string","description":"The specified branch of the connector.","description_kind":"markdown","optional":true},"connectivity_statuses":{"type":["list","string"],"description":"The connectivity status of the connector. Available options are SUCCESS, FAILURE, PARTIAL, UNKNOWN","description_kind":"markdown","optional":true},"description":{"type":"string","description":"The description of the connector.","description_kind":"markdown","computed":true},"first_result":{"type":"bool","description":"When set to true if the query returns more than one result the first item will be selected. When set to false (default) this will return an error.","description_kind":"markdown","optional":true},"get_default_from_other_repo":{"type":"bool","description":"Whether to get default from other repo.","description_kind":"markdown","optional":true},"get_distinct_from_branches":{"type":"bool","description":"Whether to get distinct from branches.","description_kind":"markdown","optional":true},"id":{"type":"string","description_kind":"plain","optional":true,"computed":true},"identifier":{"type":"string","description":"Unique identifier of the connector.","description_kind":"markdown","optional":true},"include_all_connectors_available_at_scope":{"type":"bool","description":"Whether to include all connectors available at scope.","description_kind":"markdown","optional":true},"inheriting_credentials_from_delegate":{"type":"bool","description":"Whether the connector inherits credentials from the delegate.","description_kind":"markdown","optional":true},"name":{"type":"string","description":"The name of the connector.","description_kind":"markdown","computed":true},"org_id":{"type":"string","description":"Unique identifier of the organization.","description_kind":"markdown","optional":true},"project_id":{"type":"string","description":"Unique identifier of the project.","description_kind":"markdown","optional":true},"repo_id":{"type":"string","description":"Unique identifier of the repository.","description_kind":"markdown","optional":true},"search_term":{"type":"string","description":"The search term used to find the connector.","description_kind":"markdown","optional":true},"tags":{"type":["list","string"],"description":"The tags of the connector.","description_kind":"markdown","optional":true},"type":{"type":"string","description":"The type of the selected connector.","description_kind":"markdown","computed":true},"types":{"type":["list","string"],"description":"The type of the connector. Available values are K8sCluster, Git, Splunk, AppDynamics, Prometheus, Dynatrace, Vault, AzureKeyVault, DockerRegistry, Local, AwsKms, GcpKms, AwsSecretManager, Gcp, Aws, Artifactory, Jira, Nexus, Github, Gitlab, Bitbucket, Codecommit, CEAws, CEAzure, GcpCloudCost, CEK8sCluster, HttpHelmRepo, NewRelic, Datadog, SumoLogic, PagerDuty","description_kind":"markdown","computed":true}},"block_types":{"ccm_connector_filter":{"nesting_mode":"list","block":{"attributes":{"aws_account_id":{"type":"string","description":"The AWS account identifier.","description_kind":"markdown","optional":true},"azure_subscription_id":{"type":"string","description":"The Azure subscription identifier.","description_kind":"markdown","optional":true},"azure_tenant_id":{"type":"string","description":"The Azure tenant identifier.","description_kind":"markdown","optional":true},"features_enabled":{"type":["list","string"],"description":"The CCM features that are enabled. Valid options are BILLING, OPTIMIZATION, VISIBILITY.","description_kind":"markdown","optional":true},"gcp_project_id":{"type":"string","description":"The GCP project identifier.","description_kind":"markdown","optional":true},"k8s_connector_ref":{"type":"string","description":"The Kubernetes connector reference.","description_kind":"markdown","optional":true}},"description":"The ccm connector filter.","description_kind":"markdown"},"max_items":1}},"description":"[NG] - Data source for retrieving a Harness connector This resource is part of the Harness nextgen platform.","description_kind":"markdown"}},"harness_current_user":{"version":0,"block":{"attributes":{"2fa_enabled":{"type":"bool","description":"Whether 2FA is enabled for the user.","description_kind":"markdown","computed":true},"admin":{"type":"bool","description":"Whether the user is an administrator.","description_kind":"markdown","computed":true},"billing_frequency":{"type":"string","description":"Billing frequency of the user.","description_kind":"markdown","computed":true},"default_account_id":{"type":"string","description":"Default account ID of the user.","description_kind":"markdown","computed":true},"edition":{"type":"string","description":"Edition of the platform being used.","description_kind":"markdown","computed":true},"email":{"type":"string","description":"Email address of the user.","description_kind":"markdown","computed":true},"email_verified":{"type":"bool","description":"Whether the user's email address has been verified.","description_kind":"markdown","computed":true},"id":{"type":"string","description_kind":"plain","optional":true,"computed":true},"intent":{"type":"string","description":"Intent of the user.","description_kind":"markdown","computed":true},"locked":{"type":"bool","description":"Whether or not the user account is locked.","description_kind":"markdown","computed":true},"name":{"type":"string","description":"Name of the user.","description_kind":"markdown","computed":true},"signup_action":{"type":"string","description":"Signup action of the user.","description_kind":"markdown","computed":true},"token":{"type":"string","description":"Token used to authenticate the user.","description_kind":"markdown","computed":true},"uuid":{"type":"string","description":"Unique identifier of the user.","description_kind":"markdown","computed":true}},"description":"[NG] - Data source for retrieving the current user based on the API key. This resource is part of the Harness nextgen platform.","description_kind":"markdown"}},"harness_delegate":{"version":0,"block":{"attributes":{"account_id":{"type":"string","description":"The account id the delegate belongs to.","description_kind":"markdown","computed":true},"description":{"type":"string","description":"The description of the delegate.","description_kind":"markdown","computed":true},"host_name":{"type":"string","description":"The host name of the delegate.","description_kind":"markdown","computed":true},"id":{"type":"string","description":"Unique identifier of the delegate","description_kind":"markdown","computed":true},"ip":{"type":"string","description":"The ip address of the delegate.","description_kind":"markdown","computed":true},"last_heartbeat":{"type":"string","description":"The last time the delegate was heard from.","description_kind":"markdown","computed":true},"name":{"type":"string","description":"The name of the delegate to query for.","description_kind":"markdown","optional":true},"polling_mode_enabled":{"type":"bool","description":"Whether the delegate is in polling mode.","description_kind":"markdown","computed":true},"profile_id":{"type":"string","description":"The id of the profile assigned to the delegate.","description_kind":"markdown","computed":true},"status":{"type":"string","description":"The status of the delegate to query for. Valid values are DELETED, ENABLED, WAITING_FOR_APPROVAL","description_kind":"markdown","optional":true},"type":{"type":"string","description":"The type of the delegate to query for. Valid values are DOCKER, ECS, HELM_DELEGATE, KUBERNETES, SHELL_SCRIPT","description_kind":"markdown","optional":true},"version":{"type":"string","description":"The version of the delegate.","description_kind":"markdown","computed":true}},"description":"Data source for retrieving a Harness delegate. If more than one delegate matches the query the first one will be returned.","description_kind":"markdown"}},"harness_encrypted_text":{"version":0,"block":{"attributes":{"id":{"type":"string","description":"Unique identifier of the encrypted secret","description_kind":"markdown","optional":true},"name":{"type":"string","description":"The name of the encrypted secret","description_kind":"markdown","optional":true},"secret_manager_id":{"type":"string","description":"The id of the associated secret manager","description_kind":"markdown","computed":true}},"block_types":{"usage_scope":{"nesting_mode":"set","block":{"attributes":{"application_id":{"type":"string","description":"Id of the application to scope to. If empty then this scope applies to all applications.","description_kind":"markdown","optional":true},"environment_filter_type":{"type":"string","description":"Type of environment filter applied. Cannot be used with `environment_id`. Valid options are NON_PRODUCTION_ENVIRONMENTS, PRODUCTION_ENVIRONMENTS.","description_kind":"markdown","optional":true},"environment_id":{"type":"string","description":"Id of the id of the specific environment to scope to. Cannot be used with `environment_filter_type`.","description_kind":"markdown","optional":true}},"description":"This block is used for scoping the resource to a specific set of applications or environments.","description_kind":"markdown"}}},"description":"Data source for retrieving a Harness application","description_kind":"markdown"}},"harness_environment":{"version":0,"block":{"attributes":{"app_id":{"type":"string","description":"The id of the application.","description_kind":"markdown","required":true},"description":{"type":"string","description":"The description of the environment.","description_kind":"markdown","computed":true},"id":{"type":"string","description":"The id of the environment.","description_kind":"markdown","optional":true},"name":{"type":"string","description":"The name of the environment.","description_kind":"markdown","optional":true},"type":{"type":"string","description":"The type of the environment. Valid values are `PROD` and `NON_PROD`","description_kind":"markdown","computed":true}},"block_types":{"variable_override":{"nesting_mode":"set","block":{"attributes":{"name":{"type":"string","description":"The name of the variable","description_kind":"markdown","computed":true},"service_name":{"type":"string","description":"The name of the service","description_kind":"markdown","computed":true},"type":{"type":"string","description":"The type of the service variable. Valid values are `TEXT` and `ENCRYPTED_TEXT`","description_kind":"markdown","computed":true},"value":{"type":"string","description":"The value of the service variable","description_kind":"markdown","computed":true}},"description":"Override for a service variable","description_kind":"markdown"}}},"description":"Data source for retrieving a Harness service","description_kind":"markdown"}},"harness_git_connector":{"version":0,"block":{"attributes":{"branch":{"type":"string","description":"The branch of the git connector to use.","description_kind":"markdown","computed":true},"commit_details":{"type":["set",["object",{"author_email_id":"string","author_name":"string","message":"string"}]],"description":"Custom details to use when making commits using this git connector.","description_kind":"markdown","computed":true},"created_at":{"type":"string","description":"The time the git connector was created.","description_kind":"markdown","computed":true},"delegate_selectors":{"type":["list","string"],"description":"Delegate selectors to apply to this git connector.","description_kind":"markdown","computed":true},"generate_webhook_url":{"type":"bool","description":"Boolean indicating whether or not to generate a webhook url.","description_kind":"markdown","computed":true},"id":{"type":"string","description":"Id of the git connector.","description_kind":"markdown","optional":true},"name":{"type":"string","description":"The name of the git connector.","description_kind":"markdown","optional":true},"password_secret_id":{"type":"string","description":"The id of the secret for connecting to the git repository.","description_kind":"markdown","computed":true},"ssh_setting_id":{"type":"string","description":"The id of the SSH secret to use.","description_kind":"markdown","computed":true},"url":{"type":"string","description":"The url of the git repository or account/organization.","description_kind":"markdown","computed":true},"url_type":{"type":"string","description":"The type of git url being used. Options are `ACCOUNT`, and `REPO`.","description_kind":"markdown","computed":true},"username":{"type":"string","description":"The name of the user used to connect to the git repository.","description_kind":"markdown","computed":true},"webhook_url":{"type":"string","description":"The generated webhook url.","description_kind":"markdown","computed":true}},"description":"Data source for retrieving a Harness application","description_kind":"markdown"}},"harness_organization":{"version":0,"block":{"attributes":{"description":{"type":"string","description":"Description of the organization.","description_kind":"markdown","computed":true},"first_result":{"type":"bool","description":"When set to true if the query returns more than one result the first item will be selected. When set to false (default) this will return an error.","description_kind":"markdown","optional":true},"id":{"type":"string","description_kind":"plain","optional":true,"computed":true},"identifier":{"type":"string","description":"Unique identifier of the organization.","description_kind":"markdown","optional":true},"name":{"type":"string","description":"Name of the organization.","description_kind":"markdown","computed":true},"search_term":{"type":"string","description":"Search term used to find the organization.","description_kind":"markdown","optional":true},"tags":{"type":["set","string"],"description":"Tags associated with the project.","description_kind":"markdown","computed":true}},"description":"[NG] - Data source for retrieving a Harness organization This resource is part of the Harness nextgen platform.","description_kind":"markdown"}},"harness_project":{"version":0,"block":{"attributes":{"color":{"type":"string","description":"Color of the project.","description_kind":"markdown","computed":true},"description":{"type":"string","description":"Description of the project.","description_kind":"markdown","computed":true},"id":{"type":"string","description_kind":"plain","optional":true,"computed":true},"identifier":{"type":"string","description":"Unique identifier of the project.","description_kind":"markdown","required":true},"modules":{"type":["set","string"],"description":"Modules in the project.","description_kind":"markdown","computed":true},"name":{"type":"string","description":"Name of the project.","description_kind":"markdown","computed":true},"org_id":{"type":"string","description":"Unique identifier of the organization.","description_kind":"markdown","required":true},"tags":{"type":["set","string"],"description":"Tags associated with the project.","description_kind":"markdown","computed":true}},"description":"[NG] - Data source for retrieving a Harness project. This resource is part of the Harness nextgen platform.","description_kind":"markdown"}},"harness_secret_manager":{"version":0,"block":{"attributes":{"default":{"type":"bool","description":"True to lookup the id of the default secret manager","description_kind":"markdown","optional":true},"id":{"type":"string","description":"Unique identifier of the secret manager","description_kind":"markdown","optional":true},"name":{"type":"string","description":"The name of the secret manager","description_kind":"markdown","optional":true}},"block_types":{"usage_scope":{"nesting_mode":"set","block":{"attributes":{"application_id":{"type":"string","description":"Id of the application to scope to. If empty then this scope applies to all applications.","description_kind":"markdown","optional":true},"environment_filter_type":{"type":"string","description":"Type of environment filter applied. Cannot be used with `environment_id`. Valid options are NON_PRODUCTION_ENVIRONMENTS, PRODUCTION_ENVIRONMENTS.","description_kind":"markdown","optional":true},"environment_id":{"type":"string","description":"Id of the id of the specific environment to scope to. Cannot be used with `environment_filter_type`.","description_kind":"markdown","optional":true}},"description":"This block is used for scoping the resource to a specific set of applications or environments.","description_kind":"markdown"}}},"description":"Data source for retrieving a Harness secret manager","description_kind":"markdown"}},"harness_service":{"version":0,"block":{"attributes":{"app_id":{"type":"string","description":"The id of the application the service belongs to","description_kind":"markdown","required":true},"artifact_type":{"type":"string","description":"The type of artifact deployed by the service","description_kind":"markdown","computed":true},"description":{"type":"string","description":"The application description","description_kind":"markdown","computed":true},"helm_version":{"type":"string","description":"The version of Helm being used by the service.","description_kind":"markdown","computed":true},"id":{"type":"string","description":"Unique identifier of the application","description_kind":"markdown","required":true},"name":{"type":"string","description":"The name of the service","description_kind":"markdown","computed":true},"tags":{"type":["map","string"],"description":"Tags for the service","description_kind":"markdown","computed":true},"template_uri":{"type":"string","description":"The path of the template used for the custom deployment","description_kind":"markdown","computed":true},"type":{"type":"string","description":"The type of the deployment","description_kind":"markdown","computed":true}},"description":"Data source for retrieving a Harness service","description_kind":"markdown"}},"harness_sso_provider":{"version":0,"block":{"attributes":{"id":{"type":"string","description":"Unique identifier of the SSO provider.","description_kind":"markdown","optional":true},"name":{"type":"string","description":"The name of the SSO provider.","description_kind":"markdown","optional":true},"type":{"type":"string","description":"The type of SSO provider.","description_kind":"markdown","computed":true}},"description":"Data source for retrieving an SSO providers","description_kind":"markdown"}},"harness_user":{"version":0,"block":{"attributes":{"email":{"type":"string","description":"The email of the user.","description_kind":"markdown","optional":true},"id":{"type":"string","description":"Unique identifier of the user","description_kind":"markdown","optional":true},"is_email_verified":{"type":"bool","description":"Flag indicating whether or not the users email has been verified.","description_kind":"markdown","computed":true},"is_imported_from_identity_provider":{"type":"bool","description":"Flag indicating whether or not the user was imported from an identity provider.","description_kind":"markdown","computed":true},"is_password_expired":{"type":"bool","description":"Flag indicating whether or not the users password has expired.","description_kind":"markdown","computed":true},"is_two_factor_auth_enabled":{"type":"bool","description":"Flag indicating whether or not two-factor authentication is enabled for the user.","description_kind":"markdown","computed":true},"is_user_locked":{"type":"bool","description":"Flag indicating whether or not the user is locked out.","description_kind":"markdown","computed":true},"name":{"type":"string","description":"The name of the user.","description_kind":"markdown","computed":true}},"description":"Data source for retrieving a Harness user","description_kind":"markdown"}},"harness_user_group":{"version":0,"block":{"attributes":{"id":{"type":"string","description":"Unique identifier of the user group","description_kind":"markdown","optional":true},"name":{"type":"string","description":"The name of the user group.","description_kind":"markdown","optional":true}},"description":"Data source for retrieving a Harness user group","description_kind":"markdown"}},"harness_yaml_config":{"version":0,"block":{"attributes":{"app_id":{"type":"string","description":"Unique identifier of the application. This is not required for account level resources (i.e. cloud providers, connectors, etc.).","description_kind":"markdown","optional":true},"content":{"type":"string","description":"Content of the yaml file.","description_kind":"markdown","computed":true},"id":{"type":"string","description":"Unique identifier of the yaml resource.","description_kind":"markdown","computed":true},"name":{"type":"string","description":"Name of the yaml resource.","description_kind":"markdown","computed":true},"path":{"type":"string","description":"Path to the yaml file.","description_kind":"markdown","required":true}},"description":"Data source for retrieving a yaml config.","description_kind":"markdown"}}}}}}
