{"format_version":"0.2","provider_schemas":{"registry.terraform.io/hewlettpackard/oneview":{"provider":{"version":0,"block":{"attributes":{"i3s_endpoint":{"type":"string","description_kind":"plain","optional":true},"ov_apiversion":{"type":"number","description_kind":"plain","optional":true},"ov_domain":{"type":"string","description_kind":"plain","optional":true},"ov_endpoint":{"type":"string","description_kind":"plain","optional":true},"ov_ifmatch":{"type":"string","description_kind":"plain","optional":true},"ov_password":{"type":"string","description_kind":"plain","optional":true},"ov_sslverify":{"type":"bool","description_kind":"plain","optional":true},"ov_username":{"type":"string","description_kind":"plain","optional":true}},"description_kind":"plain"}},"resource_schemas":{"oneview_appliance_snmp_v1_trap_destinations":{"version":0,"block":{"attributes":{"community_string":{"type":"string","description_kind":"plain","optional":true},"destination":{"type":"string","description_kind":"plain","optional":true},"destination_id":{"type":"string","description_kind":"plain","optional":true},"id":{"type":"string","description_kind":"plain","optional":true,"computed":true},"port":{"type":"number","description_kind":"plain","optional":true},"uri":{"type":"string","description_kind":"plain","computed":true}},"description_kind":"plain"}},"oneview_appliance_snmpv3_trap_destinations":{"version":0,"block":{"attributes":{"category":{"type":"string","description_kind":"plain","computed":true},"created":{"type":"string","description_kind":"plain","computed":true},"destination_address":{"type":"string","description_kind":"plain","optional":true},"engine_id":{"type":"string","description_kind":"plain","computed":true},"etag":{"type":"string","description_kind":"plain","computed":true},"id":{"type":"string","description_kind":"plain","optional":true,"computed":true},"id_field":{"type":"string","description_kind":"plain","optional":true},"modified":{"type":"string","description_kind":"plain","computed":true},"port":{"type":"number","description_kind":"plain","optional":true},"trap_type":{"type":"string","description_kind":"plain","computed":true},"type":{"type":"string","description_kind":"plain","computed":true},"uri":{"type":"string","description_kind":"plain","computed":true},"user_id":{"type":"string","description_kind":"plain","optional":true},"user_uri":{"type":"string","description_kind":"plain","computed":true}},"description_kind":"plain"}},"oneview_appliance_snmpv3_user":{"version":0,"block":{"attributes":{"authentication_passphrase":{"type":"string","description_kind":"plain","optional":true,"computed":true},"authentication_protocol":{"type":"string","description_kind":"plain","optional":true,"computed":true},"category":{"type":"string","description_kind":"plain","optional":true,"computed":true},"created":{"type":"string","description_kind":"plain","computed":true},"etag":{"type":"string","description_kind":"plain","computed":true},"id":{"type":"string","description_kind":"plain","optional":true,"computed":true},"modified":{"type":"string","description_kind":"plain","computed":true},"privacy_passphrase":{"type":"string","description_kind":"plain","optional":true,"computed":true},"privacy_protocol":{"type":"string","description_kind":"plain","optional":true,"computed":true},"security_level":{"type":"string","description_kind":"plain","optional":true,"computed":true},"type":{"type":"string","description_kind":"plain","optional":true,"computed":true},"uri":{"type":"string","description_kind":"plain","computed":true},"user_id":{"type":"string","description_kind":"plain","optional":true,"computed":true},"user_name":{"type":"string","description_kind":"plain","required":true}},"description_kind":"plain"}},"oneview_appliance_ssh_access":{"version":0,"block":{"attributes":{"allow_ssh_access":{"type":"bool","description_kind":"plain","optional":true},"category":{"type":"string","description_kind":"plain","computed":true},"created":{"type":"string","description_kind":"plain","computed":true},"etag":{"type":"string","description_kind":"plain","computed":true},"id":{"type":"string","description_kind":"plain","optional":true,"computed":true},"modified":{"type":"string","description_kind":"plain","computed":true},"type":{"type":"string","description_kind":"plain","computed":true},"uri":{"type":"string","description_kind":"plain","computed":true}},"description_kind":"plain"}},"oneview_appliance_time_and_locale":{"version":0,"block":{"attributes":{"category":{"type":"string","description_kind":"plain","computed":true},"created":{"type":"string","description_kind":"plain","computed":true},"date_time":{"type":"string","description_kind":"plain","computed":true},"etag":{"type":"string","description_kind":"plain","computed":true},"id":{"type":"string","description_kind":"plain","optional":true,"computed":true},"locale":{"type":"string","description_kind":"plain","required":true},"locale_displayname":{"type":"string","description_kind":"plain","computed":true},"modified":{"type":"string","description_kind":"plain","computed":true},"ntp_servers":{"type":["set","string"],"description_kind":"plain","required":true},"polling_interval":{"type":"string","description_kind":"plain","computed":true},"timezone":{"type":"string","description_kind":"plain","required":true},"type":{"type":"string","description_kind":"plain","computed":true},"uri":{"type":"string","description_kind":"plain","computed":true}},"description_kind":"plain"}},"oneview_connection_templates":{"version":0,"block":{"attributes":{"category":{"type":"string","description_kind":"plain","computed":true},"created":{"type":"string","description_kind":"plain","computed":true},"description":{"type":"string","description_kind":"plain","computed":true},"etag":{"type":"string","description_kind":"plain","computed":true},"id":{"type":"string","description_kind":"plain","optional":true,"computed":true},"modified":{"type":"string","description_kind":"plain","computed":true},"name":{"type":"string","description_kind":"plain","optional":true,"computed":true},"state":{"type":"string","description_kind":"plain","computed":true},"status":{"type":"string","description_kind":"plain","computed":true},"type":{"type":"string","description_kind":"plain","computed":true},"uri":{"type":"string","description_kind":"plain","optional":true,"computed":true}},"block_types":{"bandwidth":{"nesting_mode":"set","block":{"attributes":{"maximum_bandwidth":{"type":"number","description_kind":"plain","required":true},"typical_bandwidth":{"type":"number","description_kind":"plain","required":true}},"description_kind":"plain"},"min_items":1}},"description_kind":"plain"}},"oneview_deployment_plan":{"version":0,"block":{"attributes":{"category":{"type":"string","description_kind":"plain","computed":true},"description":{"type":"string","description_kind":"plain","optional":true},"dp_id":{"type":"string","description_kind":"plain","computed":true},"etag":{"type":"string","description_kind":"plain","computed":true},"golden_image_uri":{"type":"string","description_kind":"plain","optional":true},"hp_provided":{"type":"bool","description_kind":"plain","optional":true},"id":{"type":"string","description_kind":"plain","optional":true,"computed":true},"name":{"type":"string","description_kind":"plain","required":true},"oe_build_plan_uri":{"type":"string","description_kind":"plain","required":true},"status":{"type":"string","description_kind":"plain","computed":true},"type":{"type":"string","description_kind":"plain","required":true},"uri":{"type":"string","description_kind":"plain","computed":true}},"block_types":{"custom_attributes":{"nesting_mode":"set","block":{"attributes":{"constraints":{"type":"string","description_kind":"plain","optional":true},"description":{"type":"string","description_kind":"plain","optional":true},"editable":{"type":"bool","description_kind":"plain","optional":true},"id":{"type":"string","description_kind":"plain","optional":true},"name":{"type":"string","description_kind":"plain","optional":true},"type":{"type":"string","description_kind":"plain","optional":true},"value":{"type":"string","description_kind":"plain","optional":true},"visible":{"type":"bool","description_kind":"plain","optional":true}},"description_kind":"plain"}}},"description_kind":"plain"}},"oneview_enclosure":{"version":0,"block":{"attributes":{"active_oa_preferred_ip":{"type":"string","description_kind":"plain","computed":true},"asset_tag":{"type":"string","description_kind":"plain","computed":true},"category":{"type":"string","description_kind":"plain","computed":true},"created":{"type":"string","description_kind":"plain","computed":true},"description":{"type":"string","description_kind":"plain","computed":true},"device_bay_count":{"type":"number","description_kind":"plain","computed":true},"device_bays":{"type":["set",["object",{"available_for_full_height_profile":"bool","available_for_half_height_profile":"bool","bay_number":"number","category":"string","covered_by_device":"string","covered_by_profile":"string","created":"string","device_presence":"string","device_uri":"string","enclosure_uri":"string","etag":"string","model":"string","modified":"string","profile_uri":"string","type":"string","uri":"string"}]],"description_kind":"plain","computed":true},"enclosure_group_uri":{"type":"string","description_kind":"plain","optional":true},"enclosure_type":{"type":"string","description_kind":"plain","computed":true},"etag":{"type":"string","description_kind":"plain","computed":true},"firmware_baseline_uri":{"type":"string","description_kind":"plain","optional":true},"force":{"type":"bool","description_kind":"plain","optional":true},"force_install_firmware":{"type":"bool","description_kind":"plain","optional":true},"fw_baseline_name":{"type":"string","description_kind":"plain","computed":true},"fw_baseline_uri":{"type":"string","description_kind":"plain","computed":true},"host_name":{"type":"string","description_kind":"plain","optional":true},"id":{"type":"string","description_kind":"plain","optional":true,"computed":true},"initial_scope_uris":{"type":["set","string"],"description_kind":"plain","optional":true},"interconnect_bay_count":{"type":"number","description_kind":"plain","computed":true},"interconnect_bays":{"type":["set",["object",{"interconnect_bay":"number","logical_interconnect_group_uri":"string"}]],"description_kind":"plain","computed":true},"is_fw_managed":{"type":"bool","description_kind":"plain","computed":true},"licensing_intent":{"type":"string","description_kind":"plain","optional":true},"modified":{"type":"string","description_kind":"plain","computed":true},"name":{"type":"string","description_kind":"plain","optional":true},"op":{"type":"string","description_kind":"plain","optional":true},"part_number":{"type":"string","description_kind":"plain","computed":true},"password":{"type":"string","description_kind":"plain","optional":true},"path":{"type":"string","description_kind":"plain","optional":true},"rack_name":{"type":"string","description_kind":"plain","computed":true},"refresh_state":{"type":"string","description_kind":"plain","computed":true},"serial_number":{"type":"string","description_kind":"plain","computed":true},"standby_oa_preferred_ip":{"type":"string","description_kind":"plain","computed":true},"state":{"type":"string","description_kind":"plain","computed":true},"state_reason":{"type":"string","description_kind":"plain","computed":true},"status":{"type":"string","description_kind":"plain","computed":true},"type":{"type":"string","description_kind":"plain","computed":true},"update_firmware_on":{"type":"string","description_kind":"plain","optional":true},"uri":{"type":"string","description_kind":"plain","computed":true},"user_name":{"type":"string","description_kind":"plain","optional":true},"uuid":{"type":"string","description_kind":"plain","computed":true},"value":{"type":"string","description_kind":"plain","optional":true},"vcm_domain_id":{"type":"string","description_kind":"plain","computed":true},"vcm_domain_name":{"type":"string","description_kind":"plain","computed":true},"vcm_mode":{"type":"string","description_kind":"plain","computed":true},"vcm_url":{"type":"string","description_kind":"plain","computed":true}},"description_kind":"plain"}},"oneview_enclosure_group":{"version":0,"block":{"attributes":{"ambient_temperature_mode":{"type":"string","description_kind":"plain","optional":true},"associated_logical_interconnect_groups":{"type":["set","string"],"description_kind":"plain","computed":true},"category":{"type":"string","description_kind":"plain","computed":true},"enclosure_count":{"type":"number","description_kind":"plain","optional":true},"enclosure_type_uri":{"type":"string","description_kind":"plain","optional":true,"computed":true},"etag":{"type":"string","description_kind":"plain","computed":true},"id":{"type":"string","description_kind":"plain","optional":true,"computed":true},"initial_scope_uris":{"type":["set","string"],"description_kind":"plain","optional":true},"interconnect_bay_mapping_count":{"type":"number","description_kind":"plain","computed":true},"ip_addressing_mode":{"type":"string","description_kind":"plain","optional":true,"computed":true},"ip_range_uris":{"type":["set","string"],"description_kind":"plain","optional":true},"ipv6_addressing_mode":{"type":"string","description_kind":"plain","optional":true,"computed":true},"ipv6_range_uris":{"type":["set","string"],"description_kind":"plain","optional":true},"name":{"type":"string","description_kind":"plain","required":true},"port_mapping_count":{"type":"number","description_kind":"plain","computed":true},"power_mode":{"type":"string","description_kind":"plain","optional":true},"scopes_uri":{"type":"string","description_kind":"plain","computed":true},"stacking_mode":{"type":"string","description_kind":"plain","optional":true,"computed":true},"status":{"type":"string","description_kind":"plain","computed":true},"type":{"type":"string","description_kind":"plain","computed":true},"uri":{"type":"string","description_kind":"plain","computed":true}},"block_types":{"interconnect_bay_mappings":{"nesting_mode":"set","block":{"attributes":{"interconnect_bay":{"type":"number","description_kind":"plain","optional":true},"logical_interconnect_group_name":{"type":"string","description_kind":"plain","optional":true}},"description_kind":"plain"}},"os_deployment_settings":{"nesting_mode":"set","block":{"attributes":{"manage_os_deployment":{"type":"bool","description_kind":"plain","optional":true}},"block_types":{"deployment_mode_settings":{"nesting_mode":"set","block":{"attributes":{"deployment_mode":{"type":"string","description_kind":"plain","optional":true},"deployment_network_uri":{"type":"string","description_kind":"plain","optional":true}},"description_kind":"plain"}}},"description_kind":"plain"}},"port_mappings":{"nesting_mode":"set","block":{"attributes":{"interconnect_bay":{"type":"number","description_kind":"plain","optional":true},"mid_plane_port":{"type":"number","description_kind":"plain","optional":true}},"description_kind":"plain"}}},"description_kind":"plain"}},"oneview_ethernet_network":{"version":0,"block":{"attributes":{"category":{"type":"string","description_kind":"plain","computed":true},"connection_template_uri":{"type":"string","description_kind":"plain","computed":true},"created":{"type":"string","description_kind":"plain","computed":true},"etag":{"type":"string","description_kind":"plain","computed":true},"ethernet_network_type":{"type":"string","description_kind":"plain","required":true},"fabric_uri":{"type":"string","description_kind":"plain","computed":true},"id":{"type":"string","description_kind":"plain","optional":true,"computed":true},"initial_scope_uris":{"type":["set","string"],"description_kind":"plain","optional":true,"computed":true},"modified":{"type":"string","description_kind":"plain","computed":true},"name":{"type":"string","description_kind":"plain","required":true},"private_network":{"type":"bool","description_kind":"plain","optional":true},"purpose":{"type":"string","description_kind":"plain","optional":true},"scopesuri":{"type":"string","description_kind":"plain","computed":true},"smart_link":{"type":"bool","description_kind":"plain","optional":true},"state":{"type":"string","description_kind":"plain","computed":true},"status":{"type":"string","description_kind":"plain","computed":true},"subnet_uri":{"type":"string","description_kind":"plain","optional":true,"computed":true},"type":{"type":"string","description_kind":"plain","optional":true},"uri":{"type":"string","description_kind":"plain","computed":true},"vlan_id":{"type":"number","description_kind":"plain","optional":true}},"block_types":{"bandwidth":{"nesting_mode":"list","block":{"attributes":{"maximum_bandwidth":{"type":"number","description_kind":"plain","optional":true,"computed":true},"typical_bandwidth":{"type":"number","description_kind":"plain","optional":true,"computed":true}},"description_kind":"plain"}}},"description_kind":"plain"}},"oneview_fc_network":{"version":0,"block":{"attributes":{"auto_login_redistribution":{"type":"bool","description_kind":"plain","optional":true},"category":{"type":"string","description_kind":"plain","computed":true},"connection_template_uri":{"type":"string","description_kind":"plain","computed":true},"created":{"type":"string","description_kind":"plain","computed":true},"etag":{"type":"string","description_kind":"plain","computed":true},"fabric_type":{"type":"string","description_kind":"plain","required":true},"id":{"type":"string","description_kind":"plain","optional":true,"computed":true},"initial_scope_uris":{"type":["set","string"],"description_kind":"plain","optional":true},"link_stability_time":{"type":"number","description_kind":"plain","optional":true},"managed_san_uri":{"type":"string","description_kind":"plain","computed":true},"modified":{"type":"string","description_kind":"plain","computed":true},"name":{"type":"string","description_kind":"plain","required":true},"scopesuri":{"type":"string","description_kind":"plain","computed":true},"state":{"type":"string","description_kind":"plain","computed":true},"status":{"type":"string","description_kind":"plain","computed":true},"type":{"type":"string","description_kind":"plain","optional":true},"uri":{"type":"string","description_kind":"plain","computed":true}},"block_types":{"bandwidth":{"nesting_mode":"list","block":{"attributes":{"maximum_bandwidth":{"type":"number","description_kind":"plain","optional":true,"computed":true},"typical_bandwidth":{"type":"number","description_kind":"plain","optional":true,"computed":true}},"description_kind":"plain"}}},"description_kind":"plain"}},"oneview_fcoe_network":{"version":0,"block":{"attributes":{"category":{"type":"string","description_kind":"plain","computed":true},"connection_template_uri":{"type":"string","description_kind":"plain","computed":true},"created":{"type":"string","description_kind":"plain","computed":true},"etag":{"type":"string","description_kind":"plain","computed":true},"fabricuri":{"type":"string","description_kind":"plain","computed":true},"id":{"type":"string","description_kind":"plain","optional":true,"computed":true},"initial_scope_uris":{"type":["set","string"],"description_kind":"plain","optional":true},"managedsanuri":{"type":"string","description_kind":"plain","computed":true},"modified":{"type":"string","description_kind":"plain","computed":true},"name":{"type":"string","description_kind":"plain","required":true},"scopesuri":{"type":"string","description_kind":"plain","computed":true},"state":{"type":"string","description_kind":"plain","computed":true},"status":{"type":"string","description_kind":"plain","computed":true},"type":{"type":"string","description_kind":"plain","optional":true},"uri":{"type":"string","description_kind":"plain","computed":true},"vlanid":{"type":"number","description_kind":"plain","required":true}},"block_types":{"bandwidth":{"nesting_mode":"list","block":{"attributes":{"maximum_bandwidth":{"type":"number","description_kind":"plain","optional":true,"computed":true},"typical_bandwidth":{"type":"number","description_kind":"plain","optional":true,"computed":true}},"description_kind":"plain"}}},"description_kind":"plain"}},"oneview_firmware_drivers":{"version":0,"block":{"attributes":{"baseline_short_name":{"type":"string","description_kind":"plain","computed":true},"baseline_uri":{"type":"string","description_kind":"plain","required":true},"bundle_size":{"type":"number","description_kind":"plain","computed":true},"bundle_type":{"type":"string","description_kind":"plain","computed":true},"category":{"type":"string","description_kind":"plain","computed":true},"created":{"type":"string","description_kind":"plain","computed":true},"custom_baseline_name":{"type":"string","description_kind":"plain","required":true},"description":{"type":"string","description_kind":"plain","computed":true},"esxi_os_driver_meta_data":{"type":["set","string"],"description_kind":"plain","computed":true},"etag":{"type":"string","description_kind":"plain","computed":true},"force":{"type":"string","description_kind":"plain","optional":true},"fw_components":{"type":["set",["object",{"component_version":"string","file_name":"string","name":"string","sw_key_name_list":["set","string"]}]],"description_kind":"plain","computed":true},"hotfix_uris":{"type":["set","string"],"description_kind":"plain","required":true},"hotfixes":{"type":["set",["object",{"hotfix_name":"string","release_data":"string","resource_id":"string"}]],"description_kind":"plain","computed":true},"hpsum_version":{"type":"string","description_kind":"plain","computed":true},"id":{"type":"string","description_kind":"plain","optional":true,"computed":true},"initial_scope_uris":{"type":["set","string"],"description_kind":"plain","optional":true},"iso_file_name":{"type":"string","description_kind":"plain","computed":true},"last_task_uri":{"type":"string","description_kind":"plain","computed":true},"locations":{"type":["map","string"],"description_kind":"plain","computed":true},"mirror_list":{"type":["map",["list","string"]],"description_kind":"plain","computed":true},"modified":{"type":"string","description_kind":"plain","computed":true},"name":{"type":"string","description_kind":"plain","computed":true},"parent_bundle":{"type":["set",["object",{"parent_bundle_name":"string","release_data":"string","version":"string"}]],"description_kind":"plain","computed":true},"release_data":{"type":"string","description_kind":"plain","computed":true},"resource_id":{"type":"string","description_kind":"plain","computed":true},"resource_state":{"type":"string","description_kind":"plain","computed":true},"scope_uri":{"type":"string","description_kind":"plain","computed":true},"signature_file_name":{"type":"string","description_kind":"plain","computed":true},"signature_file_required":{"type":"string","description_kind":"plain","computed":true},"state":{"type":"string","description_kind":"plain","computed":true},"status":{"type":"string","description_kind":"plain","computed":true},"supported_languages":{"type":"string","description_kind":"plain","computed":true},"supported_os_list":{"type":["set","string"],"description_kind":"plain","computed":true},"sw_packages_full_path":{"type":"string","description_kind":"plain","computed":true},"type":{"type":"string","description_kind":"plain","computed":true},"uri":{"type":"string","description_kind":"plain","computed":true},"uuid":{"type":"string","description_kind":"plain","computed":true},"version":{"type":"string","description_kind":"plain","computed":true},"xml_key_name":{"type":"string","description_kind":"plain","computed":true}},"description_kind":"plain"}},"oneview_hypervisor_cluster_profile":{"version":0,"block":{"attributes":{"add_host_requests":{"type":["set","string"],"description_kind":"plain","optional":true},"category":{"type":"string","description_kind":"plain","computed":true},"compliance_state":{"type":"string","description_kind":"plain","computed":true},"created":{"type":"string","description_kind":"plain","computed":true},"description":{"type":"string","description_kind":"plain","optional":true},"e_tag":{"type":"string","description_kind":"plain","computed":true},"hypervisor_cluster_uri":{"type":"string","description_kind":"plain","optional":true,"computed":true},"hypervisor_host_profile_uris":{"type":"string","description_kind":"plain","optional":true},"hypervisor_manager_uri":{"type":"string","description_kind":"plain","optional":true},"hypervisor_type":{"type":"string","description_kind":"plain","required":true},"id":{"type":"string","description_kind":"plain","optional":true,"computed":true},"ip_pools":{"type":["set","string"],"description_kind":"plain","optional":true},"mgmt_ip_settings_override":{"type":"string","description_kind":"plain","optional":true},"modified":{"type":"string","description_kind":"plain","computed":true},"name":{"type":"string","description_kind":"plain","optional":true,"computed":true},"path":{"type":"string","description_kind":"plain","optional":true,"computed":true},"refresh_state":{"type":"string","description_kind":"plain","optional":true,"computed":true},"scopes_uri":{"type":"string","description_kind":"plain","computed":true},"state":{"type":"string","description_kind":"plain","computed":true},"state_reason":{"type":"string","description_kind":"plain","computed":true},"status":{"type":"string","description_kind":"plain","computed":true},"type":{"type":"string","description_kind":"plain","computed":true},"uri":{"type":"string","description_kind":"plain","computed":true}},"block_types":{"host_config_policy":{"nesting_mode":"set","block":{"attributes":{"leave_host_in_maintenance":{"type":"bool","description_kind":"plain","optional":true,"computed":true},"use_host_prefix_as_hostname":{"type":"bool","description_kind":"plain","optional":true,"computed":true},"use_hostname_to_register":{"type":"bool","description_kind":"plain","optional":true,"computed":true}},"description_kind":"plain"}},"hypervisor_cluster_settings":{"nesting_mode":"set","block":{"attributes":{"distributed_switch_usage":{"type":"string","description_kind":"plain","optional":true},"distributed_switch_version":{"type":"string","description_kind":"plain","optional":true},"drs_enabled":{"type":"bool","description_kind":"plain","optional":true},"ha_enabled":{"type":"bool","description_kind":"plain","optional":true},"multi_nic_v_motion":{"type":"bool","description_kind":"plain","optional":true},"type":{"type":"string","description_kind":"plain","optional":true},"virtual_switch_type":{"type":"string","description_kind":"plain","optional":true}},"description_kind":"plain"}},"hypervisor_host_profile_template":{"nesting_mode":"set","block":{"attributes":{"data_store_name_sync":{"type":"bool","description_kind":"plain","optional":true,"computed":true},"deployment_manager_type":{"type":"string","description_kind":"plain","optional":true,"computed":true},"host_prefix":{"type":"string","description_kind":"plain","optional":true,"computed":true},"server_profile_template_uri":{"type":"string","description_kind":"plain","optional":true,"computed":true}},"block_types":{"deployment_plan":{"nesting_mode":"list","block":{"attributes":{"deployment_custom_args":{"type":["list","string"],"description_kind":"plain","optional":true,"computed":true},"deployment_plan_description":{"type":"string","description_kind":"plain","optional":true,"computed":true},"deployment_plan_uri":{"type":"string","description_kind":"plain","optional":true,"computed":true},"name":{"type":"string","description_kind":"plain","optional":true,"computed":true},"server_password":{"type":"string","description_kind":"plain","optional":true,"computed":true,"sensitive":true}},"description_kind":"plain"}}},"description_kind":"plain"}},"shared_storage_volumes":{"nesting_mode":"set","block":{"attributes":{"action":{"type":"string","description_kind":"plain","optional":true,"computed":true},"data_store_name":{"type":"string","description_kind":"plain","optional":true,"computed":true},"lun_id":{"type":"string","description_kind":"plain","optional":true,"computed":true},"lun_type":{"type":"string","description_kind":"plain","optional":true,"computed":true},"name":{"type":"string","description_kind":"plain","optional":true,"computed":true},"permanent":{"type":"string","description_kind":"plain","optional":true,"computed":true},"protocol_type":{"type":"string","description_kind":"plain","optional":true,"computed":true},"provision_type":{"type":"string","description_kind":"plain","optional":true,"computed":true},"requested_capacity":{"type":"string","description_kind":"plain","optional":true,"computed":true},"storage_pool_uri":{"type":"string","description_kind":"plain","optional":true,"computed":true},"storage_volume_uri":{"type":"string","description_kind":"plain","optional":true,"computed":true},"volume_file_system_type":{"type":"string","description_kind":"plain","optional":true,"computed":true},"volume_source":{"type":"string","description_kind":"plain","computed":true}},"block_types":{"hypervisor_cluster_volume":{"nesting_mode":"set","block":{"attributes":{"action":{"type":"string","description_kind":"plain","optional":true,"computed":true},"in_use":{"type":"string","description_kind":"plain","computed":true},"name":{"type":"string","description_kind":"plain","optional":true,"computed":true},"volume_id":{"type":"string","description_kind":"plain","optional":true,"computed":true}},"description_kind":"plain"}}},"description_kind":"plain"}},"virtual_switch_config_policy":{"nesting_mode":"set","block":{"attributes":{"configure_port_groups":{"type":"bool","description_kind":"plain","optional":true,"computed":true},"custom_virtual_switches":{"type":"bool","description_kind":"plain","optional":true,"computed":true},"manage_virtual_switches":{"type":"bool","description_kind":"plain","optional":true,"computed":true}},"description_kind":"plain"}},"virtual_switches":{"nesting_mode":"set","block":{"attributes":{"action":{"type":"string","description_kind":"plain","optional":true},"name":{"type":"string","description_kind":"plain","optional":true},"network_uris":{"type":["list","string"],"description_kind":"plain","optional":true},"version":{"type":"string","description_kind":"plain","optional":true},"virtual_switch_type":{"type":"string","description_kind":"plain","optional":true}},"block_types":{"virtual_switch_port_groups":{"nesting_mode":"list","block":{"attributes":{"action":{"type":"string","description_kind":"plain","optional":true},"name":{"type":"string","description_kind":"plain","optional":true},"network_uris":{"type":["list","string"],"description_kind":"plain","optional":true},"vlan":{"type":"string","description_kind":"plain","optional":true}},"block_types":{"virtual_switch_ports":{"nesting_mode":"list","block":{"attributes":{"action":{"type":"string","description_kind":"plain","optional":true},"dhcp":{"type":"bool","description_kind":"plain","optional":true},"ip_address":{"type":"string","description_kind":"plain","optional":true},"subnet_mask":{"type":"string","description_kind":"plain","optional":true},"virtual_port_purpose":{"type":["list","string"],"description_kind":"plain","optional":true}},"description_kind":"plain"}}},"description_kind":"plain"}},"virtual_switch_uplinks":{"nesting_mode":"list","block":{"attributes":{"action":{"type":"string","description_kind":"plain","optional":true},"active":{"type":"bool","description_kind":"plain","optional":true},"mac":{"type":"string","description_kind":"plain","optional":true},"name":{"type":"string","description_kind":"plain","optional":true},"vmnic":{"type":"string","description_kind":"plain","optional":true}},"description_kind":"plain"}}},"description_kind":"plain"}}},"description_kind":"plain"}},"oneview_hypervisor_manager":{"version":0,"block":{"attributes":{"available_dvs_versions":{"type":["set","string"],"description_kind":"plain","computed":true},"category":{"type":"string","description_kind":"plain","computed":true},"created":{"type":"string","description_kind":"plain","computed":true},"description":{"type":"string","description_kind":"plain","optional":true},"display_name":{"type":"string","description_kind":"plain","optional":true},"etag":{"type":"string","description_kind":"plain","computed":true},"force":{"type":"string","description_kind":"plain","optional":true},"hypervisor_type":{"type":"string","description_kind":"plain","optional":true},"id":{"type":"string","description_kind":"plain","optional":true,"computed":true},"initial_scope_uris":{"type":["set","string"],"description_kind":"plain","optional":true},"modified":{"type":"string","description_kind":"plain","computed":true},"name":{"type":"string","description_kind":"plain","required":true},"password":{"type":"string","description_kind":"plain","optional":true},"port":{"type":"number","description_kind":"plain","optional":true},"refresh_state":{"type":"string","description_kind":"plain","computed":true},"resource_paths":{"type":["set",["object",{"actual_path":"string","user_path":"string"}]],"description_kind":"plain","computed":true},"scopes_uri":{"type":"string","description_kind":"plain","computed":true},"state":{"type":"string","description_kind":"plain","computed":true},"state_reason":{"type":"string","description_kind":"plain","computed":true},"status":{"type":"string","description_kind":"plain","computed":true},"type":{"type":"string","description_kind":"plain","required":true},"uri":{"type":"string","description_kind":"plain","computed":true},"username":{"type":"string","description_kind":"plain","optional":true},"uuid":{"type":"string","description_kind":"plain","computed":true},"version":{"type":"string","description_kind":"plain","computed":true}},"block_types":{"preferences":{"nesting_mode":"set","block":{"attributes":{"distributed_switch_usage":{"type":"string","description_kind":"plain","optional":true},"distributed_switch_version":{"type":"string","description_kind":"plain","optional":true},"drs_enabled":{"type":"bool","description_kind":"plain","optional":true},"ha_enabled":{"type":"bool","description_kind":"plain","optional":true},"multi_nic_v_motion":{"type":"bool","description_kind":"plain","optional":true},"type":{"type":"string","description_kind":"plain","optional":true},"virtual_switch_type":{"type":"string","description_kind":"plain","optional":true}},"description_kind":"plain"}}},"description_kind":"plain"}},"oneview_i3s_plan":{"version":0,"block":{"attributes":{"deploy_net_name":{"type":"string","description_kind":"plain","required":true},"id":{"type":"string","description_kind":"plain","optional":true,"computed":true},"os_deployment_plan":{"type":"string","description_kind":"plain","required":true},"server_name":{"type":"string","description_kind":"plain","required":true}},"block_types":{"deployment_attribute":{"nesting_mode":"list","block":{"attributes":{"key":{"type":"string","description_kind":"plain","required":true},"value":{"type":"string","description_kind":"plain","required":true}},"description_kind":"plain"}}},"description_kind":"plain"}},"oneview_id_pools_ipv4_subnets":{"version":0,"block":{"attributes":{"allocator_count":{"type":"number","description_kind":"plain","optional":true},"allocator_uri":{"type":"string","description_kind":"plain","optional":true,"computed":true},"category":{"type":"string","description_kind":"plain","computed":true},"collector_id_list":{"type":["set","string"],"description_kind":"plain","optional":true},"collector_uri":{"type":"string","description_kind":"plain","optional":true,"computed":true},"created":{"type":"string","description_kind":"plain","computed":true},"dns_servers":{"type":["set","string"],"description_kind":"plain","optional":true,"computed":true},"domain":{"type":"string","description_kind":"plain","optional":true,"computed":true},"etag":{"type":"string","description_kind":"plain","computed":true},"gateway":{"type":"string","description_kind":"plain","optional":true,"computed":true},"id":{"type":"string","description_kind":"plain","optional":true,"computed":true},"modified":{"type":"string","description_kind":"plain","computed":true},"name":{"type":"string","description_kind":"plain","optional":true,"computed":true},"network_id":{"type":"string","description_kind":"plain","optional":true,"computed":true},"range_uris":{"type":["set","string"],"description_kind":"plain","optional":true,"computed":true},"subnet_mask":{"type":"string","description_kind":"plain","optional":true,"computed":true},"type":{"type":"string","description_kind":"plain","computed":true},"uri":{"type":"string","description_kind":"plain","computed":true}},"block_types":{"associated_resources":{"nesting_mode":"list","block":{"attributes":{"association_type":{"type":"string","description_kind":"plain","optional":true,"computed":true},"resource_category":{"type":"string","description_kind":"plain","optional":true,"computed":true},"resource_name":{"type":"string","description_kind":"plain","optional":true,"computed":true},"resource_uri":{"type":"string","description_kind":"plain","optional":true,"computed":true}},"description_kind":"plain"}}},"description_kind":"plain"}},"oneview_ipv4_range":{"version":0,"block":{"attributes":{"allocated_fragment_uri":{"type":"string","description_kind":"plain","computed":true},"allocated_id_count":{"type":"number","description_kind":"plain","computed":true},"allocator_count":{"type":"number","description_kind":"plain","optional":true},"allocator_uri":{"type":"string","description_kind":"plain","computed":true},"category":{"type":"string","description_kind":"plain","computed":true},"collector_id_list":{"type":["set","string"],"description_kind":"plain","optional":true},"collector_uri":{"type":"string","description_kind":"plain","computed":true},"created":{"type":"string","description_kind":"plain","computed":true},"default_range":{"type":"bool","description_kind":"plain","computed":true},"enabled":{"type":"bool","description_kind":"plain","optional":true,"computed":true},"end_address":{"type":"string","description_kind":"plain","computed":true},"etag":{"type":"string","description_kind":"plain","computed":true},"free_fragment_uri":{"type":"string","description_kind":"plain","computed":true},"free_id_count":{"type":"number","description_kind":"plain","computed":true},"id":{"type":"string","description_kind":"plain","optional":true,"computed":true},"modified":{"type":"string","description_kind":"plain","computed":true},"name":{"type":"string","description_kind":"plain","optional":true},"prefix":{"type":"string","description_kind":"plain","computed":true},"range_category":{"type":"string","description_kind":"plain","computed":true},"reserved_id_count":{"type":"number","description_kind":"plain","computed":true},"start_address":{"type":"string","description_kind":"plain","computed":true},"subnet_uri":{"type":"string","description_kind":"plain","optional":true},"total_count":{"type":"number","description_kind":"plain","computed":true},"type":{"type":"string","description_kind":"plain","optional":true},"uri":{"type":"string","description_kind":"plain","computed":true}},"block_types":{"associated_resources":{"nesting_mode":"list","block":{"attributes":{"association_type":{"type":"string","description_kind":"plain","optional":true,"computed":true},"resource_category":{"type":"string","description_kind":"plain","optional":true,"computed":true},"resource_name":{"type":"string","description_kind":"plain","optional":true},"resource_uri":{"type":"string","description_kind":"plain","optional":true}},"description_kind":"plain"}},"start_stop_fragments":{"nesting_mode":"set","block":{"attributes":{"end_address":{"type":"string","description_kind":"plain","optional":true},"fragment_type":{"type":"string","description_kind":"plain","optional":true,"computed":true},"start_address":{"type":"string","description_kind":"plain","optional":true}},"description_kind":"plain"}}},"description_kind":"plain"}},"oneview_label":{"version":0,"block":{"attributes":{"category":{"type":"string","description_kind":"plain","computed":true},"created":{"type":"string","description_kind":"plain","computed":true},"etag":{"type":"string","description_kind":"plain","computed":true},"id":{"type":"string","description_kind":"plain","optional":true,"computed":true},"modified":{"type":"string","description_kind":"plain","computed":true},"resource_uri":{"type":"string","description_kind":"plain","required":true},"type":{"type":"string","description_kind":"plain","computed":true},"uri":{"type":"string","description_kind":"plain","computed":true}},"block_types":{"labels":{"nesting_mode":"list","block":{"attributes":{"name":{"type":"string","description_kind":"plain","optional":true,"computed":true},"uri":{"type":"string","description_kind":"plain","optional":true,"computed":true}},"description_kind":"plain"}}},"description_kind":"plain"}},"oneview_logical_enclosure":{"version":0,"block":{"attributes":{"ambient_temperature_mode":{"type":"string","description_kind":"plain","optional":true,"computed":true},"delete_failed":{"type":"bool","description_kind":"plain","computed":true},"enclosure_group_uri":{"type":"string","description_kind":"plain","optional":true},"enclosure_uris":{"type":["set","string"],"description_kind":"plain","required":true},"id":{"type":"string","description_kind":"plain","optional":true,"computed":true},"initial_scope_uris":{"type":["set","string"],"description_kind":"plain","optional":true},"ip_addressing_mode":{"type":"string","description_kind":"plain","optional":true,"computed":true},"logical_interconnect_uris":{"type":["set","string"],"description_kind":"plain","computed":true},"name":{"type":"string","description_kind":"plain","required":true},"power_mode":{"type":"string","description_kind":"plain","optional":true,"computed":true},"scaling_state":{"type":"string","description_kind":"plain","computed":true},"scopes_uri":{"type":"string","description_kind":"plain","computed":true},"status":{"type":"string","description_kind":"plain","computed":true},"type":{"type":"string","description_kind":"plain","computed":true},"update_type":{"type":"string","description_kind":"plain","optional":true},"uri":{"type":"string","description_kind":"plain","computed":true}},"block_types":{"deployment_manager_settings":{"nesting_mode":"set","block":{"attributes":{"deployement_cluster_uri":{"type":"string","description_kind":"plain","optional":true}},"block_types":{"os_deployment_settings":{"nesting_mode":"list","block":{"attributes":{"manage_os_deployment":{"type":"bool","description_kind":"plain","optional":true}},"block_types":{"deployment_mode_settings":{"nesting_mode":"list","block":{"attributes":{"deployment_mode":{"type":"string","description_kind":"plain","optional":true},"deployment_network_uri":{"type":"string","description_kind":"plain","optional":true}},"description_kind":"plain"}}},"description_kind":"plain"}}},"description_kind":"plain"}},"firmware":{"nesting_mode":"set","block":{"attributes":{"firmware_baseline_uri":{"type":"string","description_kind":"plain","optional":true},"firmware_update_on":{"type":"string","description_kind":"plain","optional":true},"force_install_firmware":{"type":"bool","description_kind":"plain","optional":true},"logical_interconnect_update_mode":{"type":"string","description_kind":"plain","optional":true},"update_firmware_on_unmanaged_interconnect":{"type":"bool","description_kind":"plain","optional":true},"validate_if_li_firmware_update_is_non_disruptive":{"type":"bool","description_kind":"plain","optional":true}},"description_kind":"plain"}},"ipv4_range":{"nesting_mode":"set","block":{"attributes":{"dns_servers":{"type":"string","description_kind":"plain","optional":true},"domain":{"type":"string","description_kind":"plain","optional":true},"gateway":{"type":"string","description_kind":"plain","optional":true},"ip_range_uri":{"type":"string","description_kind":"plain","optional":true},"name":{"type":"string","description_kind":"plain","optional":true},"subnet_mask":{"type":"string","description_kind":"plain","optional":true}},"description_kind":"plain"}}},"description_kind":"plain"}},"oneview_logical_interconnect":{"version":0,"block":{"attributes":{"category":{"type":"string","description_kind":"plain","optional":true,"computed":true},"description":{"type":"string","description_kind":"plain","optional":true,"computed":true},"enclosure_uris":{"type":["set","string"],"description_kind":"plain","optional":true,"computed":true},"fusion_domain_uri":{"type":"string","description_kind":"plain","optional":true,"computed":true},"id":{"type":"string","description_kind":"plain","optional":true,"computed":true},"interconnects":{"type":["set","string"],"description_kind":"plain","optional":true,"computed":true},"logical_interconnect_group_uri":{"type":"string","description_kind":"plain","optional":true,"computed":true},"name":{"type":"string","description_kind":"plain","optional":true,"computed":true},"stacking_health":{"type":"string","description_kind":"plain","optional":true,"computed":true},"type":{"type":"string","description_kind":"plain","optional":true,"computed":true},"update_type":{"type":"string","description_kind":"plain","optional":true,"computed":true},"uri":{"type":"string","description_kind":"plain","computed":true}},"block_types":{"ethernet_settings":{"nesting_mode":"set","block":{"attributes":{"category":{"type":"string","description_kind":"plain","optional":true,"computed":true},"dependent_resource_uri":{"type":"string","description_kind":"plain","optional":true,"computed":true},"description":{"type":"string","description_kind":"plain","optional":true,"computed":true},"id":{"type":"string","description_kind":"plain","optional":true,"computed":true},"interconnect_type":{"type":"string","description_kind":"plain","optional":true,"computed":true},"name":{"type":"string","description_kind":"plain","optional":true,"computed":true},"type":{"type":"string","description_kind":"plain","optional":true,"computed":true},"uri":{"type":"string","description_kind":"plain","optional":true,"computed":true}},"description_kind":"plain"}},"interconnect_map":{"nesting_mode":"list","block":{"block_types":{"interconnect_map_entries":{"nesting_mode":"list","block":{"attributes":{"enclosure_index":{"type":"number","description_kind":"plain","optional":true,"computed":true},"interconnect_uri":{"type":"string","description_kind":"plain","optional":true,"computed":true},"logical_downlink_uri":{"type":"string","description_kind":"plain","optional":true,"computed":true},"permitted_interconnect_type_uri":{"type":"string","description_kind":"plain","optional":true,"computed":true}},"block_types":{"location":{"nesting_mode":"list","block":{"block_types":{"location_entries":{"nesting_mode":"list","block":{"attributes":{"type":{"type":"string","description_kind":"plain","optional":true,"computed":true},"value":{"type":"string","description_kind":"plain","optional":true,"computed":true}},"description_kind":"plain"}}},"description_kind":"plain"}}},"description_kind":"plain"}}},"description_kind":"plain"}},"port_flap_settings":{"nesting_mode":"set","block":{"attributes":{"category":{"type":"string","description_kind":"plain","optional":true,"computed":true},"consistency_checking":{"type":"string","description_kind":"plain","optional":true,"computed":true},"created":{"type":"string","description_kind":"plain","optional":true,"computed":true},"description":{"type":"string","description_kind":"plain","optional":true,"computed":true},"detection_interval":{"type":"number","description_kind":"plain","optional":true,"computed":true},"etag":{"type":"string","description_kind":"plain","optional":true,"computed":true},"id":{"type":"string","description_kind":"plain","optional":true,"computed":true},"modified":{"type":"string","description_kind":"plain","optional":true,"computed":true},"name":{"type":"string","description_kind":"plain","optional":true,"computed":true},"no_of_samples_declare_failures":{"type":"number","description_kind":"plain","optional":true,"computed":true},"port_flap_protection_mode":{"type":"string","description_kind":"plain","optional":true,"computed":true},"port_flap_threshold_per_interval":{"type":"number","description_kind":"plain","optional":true,"computed":true},"state":{"type":"string","description_kind":"plain","optional":true,"computed":true},"status":{"type":"string","description_kind":"plain","optional":true,"computed":true},"type":{"type":"string","description_kind":"plain","optional":true,"computed":true},"uri":{"type":"string","description_kind":"plain","optional":true,"computed":true}},"description_kind":"plain"}},"snmp_configuration":{"nesting_mode":"list","block":{"attributes":{"category":{"type":"string","description_kind":"plain","optional":true,"computed":true},"description":{"type":"string","description_kind":"plain","optional":true,"computed":true},"enabled":{"type":"bool","description_kind":"plain","optional":true,"computed":true},"name":{"type":"string","description_kind":"plain","optional":true,"computed":true},"read_community":{"type":"string","description_kind":"plain","optional":true,"computed":true},"snmp_access":{"type":["set","string"],"description_kind":"plain","optional":true,"computed":true},"system_contact":{"type":"string","description_kind":"plain","optional":true,"computed":true},"type":{"type":"string","description_kind":"plain","optional":true,"computed":true},"uri":{"type":"string","description_kind":"plain","optional":true,"computed":true},"v3_enabled":{"type":"bool","description_kind":"plain","optional":true,"computed":true}},"block_types":{"trap_destination":{"nesting_mode":"list","block":{"attributes":{"community_string":{"type":"string","description_kind":"plain","optional":true,"computed":true},"enet_trap_categories":{"type":["set","string"],"description_kind":"plain","optional":true,"computed":true},"fc_trap_categories":{"type":["set","string"],"description_kind":"plain","optional":true,"computed":true},"trap_destination":{"type":"string","description_kind":"plain","required":true},"trap_format":{"type":"string","description_kind":"plain","optional":true},"trap_severities":{"type":["set","string"],"description_kind":"plain","optional":true,"computed":true},"vcm_trap_categories":{"type":["set","string"],"description_kind":"plain","optional":true,"computed":true}},"description_kind":"plain"}}},"description_kind":"plain"}}},"description_kind":"plain"}},"oneview_logical_interconnect_group":{"version":0,"block":{"attributes":{"category":{"type":"string","description_kind":"plain","computed":true},"created":{"type":"string","description_kind":"plain","computed":true},"description":{"type":"string","description_kind":"plain","computed":true},"downlink_speed_mode":{"type":"string","description_kind":"plain","optional":true,"computed":true},"enclosure_indexes":{"type":["set","number"],"description_kind":"plain","optional":true},"etag":{"type":"string","description_kind":"plain","computed":true},"fabric_uri":{"type":"string","description_kind":"plain","computed":true},"id":{"type":"string","description_kind":"plain","optional":true,"computed":true},"initial_scope_uris":{"type":["set","string"],"description_kind":"plain","optional":true},"interconnect_bay_set":{"type":"number","description_kind":"plain","optional":true},"internal_network_uris":{"type":["set","string"],"description_kind":"plain","optional":true},"modified":{"type":"string","description_kind":"plain","computed":true},"name":{"type":"string","description_kind":"plain","required":true},"redundancy_type":{"type":"string","description_kind":"plain","required":true},"state":{"type":"string","description_kind":"plain","computed":true},"status":{"type":"string","description_kind":"plain","computed":true},"type":{"type":"string","description_kind":"plain","optional":true},"uri":{"type":"string","description_kind":"plain","computed":true}},"block_types":{"igmp_settings":{"nesting_mode":"list","block":{"attributes":{"category":{"type":"string","description_kind":"plain","optional":true,"computed":true},"consistency_checking":{"type":"string","description_kind":"plain","optional":true},"created":{"type":"string","description_kind":"plain","optional":true,"computed":true},"dependent_resource_uri":{"type":"string","description_kind":"plain","computed":true},"description":{"type":"string","description_kind":"plain","optional":true},"etag":{"type":"string","description_kind":"plain","optional":true,"computed":true},"id":{"type":"string","description_kind":"plain","optional":true,"computed":true},"igmp_idle_timeout_interval":{"type":"number","description_kind":"plain","optional":true},"igmp_snooping":{"type":"bool","description_kind":"plain","optional":true},"igmp_snooping_vlan_ids":{"type":"string","description_kind":"plain","optional":true},"modified":{"type":"string","description_kind":"plain","optional":true,"computed":true},"name":{"type":"string","description_kind":"plain","optional":true,"computed":true},"prevent_flooding":{"type":"bool","description_kind":"plain","optional":true},"proxy_reporting":{"type":"bool","description_kind":"plain","optional":true},"state":{"type":"string","description_kind":"plain","optional":true},"status":{"type":"string","description_kind":"plain","optional":true},"type":{"type":"string","description_kind":"plain","optional":true,"computed":true},"uri":{"type":"string","description_kind":"plain","optional":true,"computed":true}},"description_kind":"plain"}},"interconnect_map_entry_template":{"nesting_mode":"set","block":{"attributes":{"bay_number":{"type":"number","description_kind":"plain","required":true},"enclosure_index":{"type":"number","description_kind":"plain","optional":true},"interconnect_type_name":{"type":"string","description_kind":"plain","required":true}},"description_kind":"plain"},"min_items":1},"interconnect_settings":{"nesting_mode":"list","block":{"attributes":{"fast_mac_cache_failover":{"type":"bool","description_kind":"plain","optional":true},"interconnect_utilization_alert":{"type":"bool","description_kind":"plain","optional":true},"mac_refresh_interval":{"type":"number","description_kind":"plain","optional":true},"network_loop_protection":{"type":"bool","description_kind":"plain","optional":true},"pause_flood_protection":{"type":"bool","description_kind":"plain","optional":true},"rich_tlv":{"type":"bool","description_kind":"plain","optional":true},"type":{"type":"string","description_kind":"plain","optional":true}},"description_kind":"plain"}},"port_flap_settings":{"nesting_mode":"list","block":{"attributes":{"category":{"type":"string","description_kind":"plain","optional":true,"computed":true},"consistency_checking":{"type":"string","description_kind":"plain","optional":true},"created":{"type":"string","description_kind":"plain","optional":true,"computed":true},"description":{"type":"string","description_kind":"plain","optional":true},"detection_interval":{"type":"number","description_kind":"plain","optional":true},"etag":{"type":"string","description_kind":"plain","optional":true,"computed":true},"id":{"type":"string","description_kind":"plain","optional":true,"computed":true},"modified":{"type":"string","description_kind":"plain","optional":true,"computed":true},"name":{"type":"string","description_kind":"plain","optional":true,"computed":true},"no_of_samples_declare_failures":{"type":"number","description_kind":"plain","optional":true},"port_flap_protection_mode":{"type":"string","description_kind":"plain","optional":true},"port_flap_threshold_per_interval":{"type":"number","description_kind":"plain","optional":true},"state":{"type":"string","description_kind":"plain","optional":true},"status":{"type":"string","description_kind":"plain","optional":true},"type":{"type":"string","description_kind":"plain","optional":true,"computed":true},"uri":{"type":"string","description_kind":"plain","optional":true,"computed":true}},"description_kind":"plain"}},"quality_of_service":{"nesting_mode":"list","block":{"attributes":{"category":{"type":"string","description_kind":"plain","optional":true},"consistency_checking":{"type":"string","description_kind":"plain","optional":true},"created":{"type":"string","description_kind":"plain","optional":true},"description":{"type":"string","description_kind":"plain","optional":true},"etag":{"type":"string","description_kind":"plain","optional":true},"modified":{"type":"string","description_kind":"plain","optional":true},"name":{"type":"string","description_kind":"plain","optional":true},"state":{"type":"string","description_kind":"plain","optional":true},"status":{"type":"string","description_kind":"plain","optional":true},"type":{"type":"string","description_kind":"plain","optional":true},"uri":{"type":"string","description_kind":"plain","optional":true}},"block_types":{"active_qos_config":{"nesting_mode":"list","block":{"attributes":{"category":{"type":"string","description_kind":"plain","optional":true},"config_type":{"type":"string","description_kind":"plain","optional":true},"created":{"type":"string","description_kind":"plain","optional":true},"description":{"type":"string","description_kind":"plain","optional":true},"downlink_classification_type":{"type":"string","description_kind":"plain","optional":true},"etag":{"type":"string","description_kind":"plain","optional":true},"modified":{"type":"string","description_kind":"plain","optional":true},"name":{"type":"string","description_kind":"plain","optional":true},"state":{"type":"string","description_kind":"plain","optional":true},"status":{"type":"string","description_kind":"plain","optional":true},"type":{"type":"string","description_kind":"plain","optional":true},"uplink_classification_type":{"type":"string","description_kind":"plain","optional":true},"uri":{"type":"string","description_kind":"plain","optional":true}},"block_types":{"qos_traffic_classifiers":{"nesting_mode":"list","block":{"block_types":{"qos_classification_mapping":{"nesting_mode":"list","block":{"attributes":{"dot1p_class_mapping":{"type":["list","number"],"description_kind":"plain","optional":true},"dscp_class_mapping":{"type":["list","string"],"description_kind":"plain","optional":true}},"description_kind":"plain"}},"qos_traffic_class":{"nesting_mode":"list","block":{"attributes":{"bandwidth_share":{"type":"string","description_kind":"plain","optional":true},"class_name":{"type":"string","description_kind":"plain","optional":true},"egress_dot1p_value":{"type":"number","description_kind":"plain","optional":true},"enabled":{"type":"bool","description_kind":"plain","optional":true},"max_bandwidth":{"type":"number","description_kind":"plain","optional":true},"real_time":{"type":"bool","description_kind":"plain","optional":true},"roce":{"type":"bool","description_kind":"plain","optional":true}},"block_types":{"dcbx_configuration":{"nesting_mode":"list","block":{"attributes":{"application_protocol":{"type":"string","description_kind":"plain","optional":true},"default_max_bandwidth":{"type":"string","description_kind":"plain","optional":true},"default_min_bandwidth":{"type":"string","description_kind":"plain","optional":true},"priority_code_point":{"type":"string","description_kind":"plain","optional":true},"priority_flow_control":{"type":"string","description_kind":"plain","optional":true}},"block_types":{"dcbx_ets_port":{"nesting_mode":"list","block":{"attributes":{"bay_number":{"type":"string","description_kind":"plain","optional":true},"enclosure_index":{"type":"number","description_kind":"plain","optional":true},"icm_name":{"type":"string","description_kind":"plain","optional":true},"max_bandwidth":{"type":"string","description_kind":"plain","optional":true},"min_bandwidth":{"type":"string","description_kind":"plain","optional":true},"port_name":{"type":"string","description_kind":"plain","optional":true}},"description_kind":"plain"}}},"description_kind":"plain"}}},"description_kind":"plain"}}},"description_kind":"plain"}}},"description_kind":"plain"}}},"description_kind":"plain"}},"sflow_configuration":{"nesting_mode":"list","block":{"attributes":{"category":{"type":"string","description_kind":"plain","optional":true},"description":{"type":"string","description_kind":"plain","optional":true},"enabled":{"type":"string","description_kind":"plain","optional":true},"name":{"type":"string","description_kind":"plain","optional":true},"state":{"type":"string","description_kind":"plain","optional":true},"status":{"type":"string","description_kind":"plain","optional":true},"type":{"type":"string","description_kind":"plain","optional":true},"uri":{"type":"string","description_kind":"plain","optional":true}},"block_types":{"sflow_agents":{"nesting_mode":"list","block":{"attributes":{"bay_number":{"type":"number","description_kind":"plain","optional":true},"enclosure_index":{"type":"number","description_kind":"plain","optional":true},"ip_addr":{"type":"string","description_kind":"plain","optional":true},"ip_mode":{"type":"string","description_kind":"plain","optional":true},"status":{"type":"string","description_kind":"plain","optional":true},"subnet_mask":{"type":"string","description_kind":"plain","optional":true}},"description_kind":"plain"}},"sflow_collectors":{"nesting_mode":"list","block":{"attributes":{"collector_enabled":{"type":"bool","description_kind":"plain","optional":true},"collector_id":{"type":"number","description_kind":"plain","optional":true},"ip_address":{"type":"string","description_kind":"plain","optional":true},"max_datagram_size":{"type":"number","description_kind":"plain","optional":true},"max_header_size":{"type":"number","description_kind":"plain","optional":true},"name":{"type":"string","description_kind":"plain","optional":true},"port":{"type":"number","description_kind":"plain","optional":true}},"description_kind":"plain"}},"sflow_network":{"nesting_mode":"list","block":{"attributes":{"name":{"type":"string","description_kind":"plain","optional":true},"uri":{"type":"string","description_kind":"plain","optional":true},"vlan_id":{"type":"number","description_kind":"plain","optional":true}},"description_kind":"plain"}},"sflow_ports":{"nesting_mode":"list","block":{"attributes":{"bay_number":{"type":"number","description_kind":"plain","optional":true},"collector_id":{"type":"number","description_kind":"plain","optional":true},"enclosure_index":{"type":"number","description_kind":"plain","optional":true},"icm_name":{"type":"string","description_kind":"plain","optional":true},"port_name":{"type":"string","description_kind":"plain","optional":true}},"description_kind":"plain"}}},"description_kind":"plain"}},"snmp_configuration":{"nesting_mode":"list","block":{"attributes":{"enabled":{"type":"bool","description_kind":"plain","optional":true},"read_community":{"type":"string","description_kind":"plain","optional":true},"snmp_access":{"type":["set","string"],"description_kind":"plain","optional":true},"system_contact":{"type":"string","description_kind":"plain","optional":true},"type":{"type":"string","description_kind":"plain","optional":true},"v3_enabled":{"type":"bool","description_kind":"plain","optional":true}},"block_types":{"trap_destination":{"nesting_mode":"list","block":{"attributes":{"community_string":{"type":"string","description_kind":"plain","optional":true},"enet_trap_categories":{"type":["set","string"],"description_kind":"plain","optional":true},"fc_trap_categories":{"type":["set","string"],"description_kind":"plain","optional":true},"trap_destination":{"type":"string","description_kind":"plain","required":true},"trap_format":{"type":"string","description_kind":"plain","optional":true},"trap_severities":{"type":["set","string"],"description_kind":"plain","optional":true},"vcm_trap_categories":{"type":["set","string"],"description_kind":"plain","optional":true}},"description_kind":"plain"}}},"description_kind":"plain"}},"telemetry_configuration":{"nesting_mode":"list","block":{"attributes":{"enabled":{"type":"bool","description_kind":"plain","optional":true},"sample_count":{"type":"number","description_kind":"plain","optional":true},"sample_interval":{"type":"number","description_kind":"plain","optional":true},"type":{"type":"string","description_kind":"plain","optional":true}},"description_kind":"plain"}},"uplink_set":{"nesting_mode":"set","block":{"attributes":{"ethernet_network_type":{"type":"string","description_kind":"plain","optional":true,"computed":true},"lacp_timer":{"type":"string","description_kind":"plain","optional":true},"mode":{"type":"string","description_kind":"plain","optional":true},"name":{"type":"string","description_kind":"plain","required":true},"native_network_uri":{"type":"string","description_kind":"plain","optional":true},"network_type":{"type":"string","description_kind":"plain","optional":true},"network_uris":{"type":["set","string"],"description_kind":"plain","optional":true}},"block_types":{"logical_port_config":{"nesting_mode":"set","block":{"attributes":{"bay_num":{"type":"number","description_kind":"plain","required":true},"desired_fec_mode":{"type":"string","description_kind":"plain","optional":true},"desired_speed":{"type":"string","description_kind":"plain","optional":true},"enclosure_num":{"type":"number","description_kind":"plain","optional":true},"port_num":{"type":"number","description_kind":"plain","required":true},"primary_port":{"type":"bool","description_kind":"plain","optional":true}},"description_kind":"plain"}}},"description_kind":"plain"}}},"description_kind":"plain"}},"oneview_logical_switch_group":{"version":0,"block":{"attributes":{"category":{"type":"string","description_kind":"plain","computed":true},"created":{"type":"string","description_kind":"plain","computed":true},"description":{"type":"string","description_kind":"plain","optional":true},"etag":{"type":"string","description_kind":"plain","computed":true},"fabric_uri":{"type":"string","description_kind":"plain","computed":true},"id":{"type":"string","description_kind":"plain","optional":true,"computed":true},"location_entry_type":{"type":"string","description_kind":"plain","optional":true},"modified":{"type":"string","description_kind":"plain","computed":true},"name":{"type":"string","description_kind":"plain","required":true},"state":{"type":"string","description_kind":"plain","computed":true},"status":{"type":"string","description_kind":"plain","computed":true},"switch_count":{"type":"number","description_kind":"plain","required":true},"switch_type_name":{"type":"string","description_kind":"plain","required":true},"switch_type_uri":{"type":"string","description_kind":"plain","computed":true},"type":{"type":"string","description_kind":"plain","optional":true},"uri":{"type":"string","description_kind":"plain","computed":true}},"description_kind":"plain"}},"oneview_network_set":{"version":0,"block":{"attributes":{"category":{"type":"string","description_kind":"plain","computed":true},"connection_template_uri":{"type":"string","description_kind":"plain","computed":true},"created":{"type":"string","description_kind":"plain","computed":true},"description":{"type":"string","description_kind":"plain","optional":true},"etag":{"type":"string","description_kind":"plain","computed":true},"id":{"type":"string","description_kind":"plain","optional":true,"computed":true},"initial_scope_uris":{"type":["set","string"],"description_kind":"plain","optional":true},"modified":{"type":"string","description_kind":"plain","computed":true},"name":{"type":"string","description_kind":"plain","required":true},"native_network_uri":{"type":"string","description_kind":"plain","optional":true},"network_set_type":{"type":"string","description_kind":"plain","optional":true},"network_uris":{"type":["set","string"],"description_kind":"plain","optional":true},"scopes_uri":{"type":"string","description_kind":"plain","computed":true},"state":{"type":"string","description_kind":"plain","computed":true},"status":{"type":"string","description_kind":"plain","computed":true},"type":{"type":"string","description_kind":"plain","optional":true},"uri":{"type":"string","description_kind":"plain","computed":true}},"description_kind":"plain"}},"oneview_scope":{"version":0,"block":{"attributes":{"added_resource_uris":{"type":["set","string"],"description_kind":"plain","optional":true},"appliance_id":{"type":"string","description_kind":"plain","computed":true},"category":{"type":"string","description_kind":"plain","computed":true},"description":{"type":"string","description_kind":"plain","optional":true},"etag":{"type":"string","description_kind":"plain","computed":true},"id":{"type":"string","description_kind":"plain","optional":true,"computed":true},"initial_scope_uris":{"type":["set","string"],"description_kind":"plain","optional":true},"name":{"type":"string","description_kind":"plain","required":true},"old_uri":{"type":"string","description_kind":"plain","computed":true},"removed_resource_uris":{"type":["set","string"],"description_kind":"plain","optional":true},"scopes_uri":{"type":"string","description_kind":"plain","computed":true},"state":{"type":"string","description_kind":"plain","computed":true},"type":{"type":"string","description_kind":"plain","required":true},"uri":{"type":"string","description_kind":"plain","computed":true}},"block_types":{"ext_attributes":{"nesting_mode":"list","block":{"attributes":{"type":{"type":"string","description_kind":"plain","optional":true}},"description_kind":"plain"}}},"description_kind":"plain"}},"oneview_server_certificate":{"version":0,"block":{"attributes":{"category":{"type":"string","description_kind":"plain","computed":true},"certificate_status":{"type":["set",["object",{"chain_status":"string","self_signed":"bool","trusted":"bool"}]],"description_kind":"plain","computed":true},"created":{"type":"string","description_kind":"plain","computed":true},"description":{"type":"string","description_kind":"plain","computed":true},"etag":{"type":"string","description_kind":"plain","computed":true},"id":{"type":"string","description_kind":"plain","optional":true,"computed":true},"modified":{"type":"string","description_kind":"plain","computed":true},"name":{"type":"string","description_kind":"plain","optional":true},"state":{"type":"string","description_kind":"plain","computed":true},"status":{"type":"string","description_kind":"plain","computed":true},"type":{"type":"string","description_kind":"plain","computed":true},"uri":{"type":"string","description_kind":"plain","computed":true}},"block_types":{"certificate_details":{"nesting_mode":"set","block":{"attributes":{"alias_name":{"type":"string","description_kind":"plain","optional":true},"alternative_name":{"type":"string","description_kind":"plain","computed":true},"base64_data":{"type":"string","description_kind":"plain","optional":true},"basic_constraints":{"type":"string","description_kind":"plain","computed":true},"category":{"type":"string","description_kind":"plain","computed":true},"cert_path":{"type":"string","description_kind":"plain","computed":true},"common_name":{"type":"string","description_kind":"plain","computed":true},"contact_person":{"type":"string","description_kind":"plain","computed":true},"country":{"type":"string","description_kind":"plain","computed":true},"created":{"type":"string","description_kind":"plain","computed":true},"crl_distribution_end_points":{"type":"string","description_kind":"plain","computed":true},"description":{"type":"string","description_kind":"plain","computed":true},"dn_qualifier":{"type":"string","description_kind":"plain","computed":true},"email":{"type":"string","description_kind":"plain","computed":true},"enhanced_key_usage":{"type":"string","description_kind":"plain","computed":true},"etag":{"type":"string","description_kind":"plain","computed":true},"expires_in_days":{"type":"string","description_kind":"plain","computed":true},"given_name":{"type":"string","description_kind":"plain","computed":true},"initials":{"type":"string","description_kind":"plain","computed":true},"issuer":{"type":"string","description_kind":"plain","computed":true},"key_usage":{"type":"string","description_kind":"plain","computed":true},"locality":{"type":"string","description_kind":"plain","computed":true},"location_state":{"type":"string","description_kind":"plain","computed":true},"modified":{"type":"string","description_kind":"plain","computed":true},"name":{"type":"string","description_kind":"plain","computed":true},"organization":{"type":"string","description_kind":"plain","computed":true},"organizational_unit":{"type":"string","description_kind":"plain","computed":true},"public_key":{"type":"string","description_kind":"plain","computed":true},"serial_number":{"type":"string","description_kind":"plain","computed":true},"sha1_fingerprint":{"type":"string","description_kind":"plain","computed":true},"sha256_fingerprint":{"type":"string","description_kind":"plain","computed":true},"sha384_fingerprint":{"type":"string","description_kind":"plain","computed":true},"signature_algorithm":{"type":"string","description_kind":"plain","computed":true},"state":{"type":"string","description_kind":"plain","computed":true},"status":{"type":"string","description_kind":"plain","computed":true},"surname":{"type":"string","description_kind":"plain","computed":true},"type":{"type":"string","description_kind":"plain","required":true},"uri":{"type":"string","description_kind":"plain","computed":true},"valid_from":{"type":"string","description_kind":"plain","computed":true},"valid_until":{"type":"string","description_kind":"plain","computed":true},"version":{"type":"string","description_kind":"plain","computed":true}},"description_kind":"plain"}}},"description_kind":"plain"}},"oneview_server_hardware":{"version":0,"block":{"attributes":{"configuration_state":{"type":"string","description_kind":"plain","optional":true,"computed":true},"force":{"type":"bool","description_kind":"plain","optional":true,"computed":true},"hostname":{"type":"string","description_kind":"plain","optional":true,"computed":true},"id":{"type":"string","description_kind":"plain","optional":true,"computed":true},"initial_scope_uris":{"type":["set","string"],"description_kind":"plain","optional":true},"licensing_intent":{"type":"string","description_kind":"plain","optional":true,"computed":true},"location_uri":{"type":"string","description_kind":"plain","computed":true},"maintenance_mode":{"type":"string","description_kind":"plain","optional":true,"computed":true},"mp_dns_name":{"type":"string","description_kind":"plain","computed":true},"mp_firmware_version":{"type":"string","description_kind":"plain","computed":true},"mp_hosts_and_ranges":{"type":["set","string"],"description_kind":"plain","optional":true,"computed":true},"mp_ip_address":{"type":"string","description_kind":"plain","computed":true},"name":{"type":"string","description_kind":"plain","optional":true,"computed":true},"one_time_boot":{"type":"string","description_kind":"plain","optional":true,"computed":true},"password":{"type":"string","description_kind":"plain","optional":true,"computed":true,"sensitive":true},"power_state":{"type":"string","description_kind":"plain","computed":true},"server_group_uri":{"type":"string","description_kind":"plain","computed":true},"server_hardware_type_uri":{"type":"string","description_kind":"plain","computed":true},"server_profile_uri":{"type":"string","description_kind":"plain","computed":true},"type":{"type":"string","description_kind":"plain","computed":true},"uid_state":{"type":"string","description_kind":"plain","optional":true,"computed":true},"uri":{"type":"string","description_kind":"plain","computed":true},"username":{"type":"string","description_kind":"plain","optional":true,"computed":true},"uuid":{"type":"string","description_kind":"plain","computed":true},"virtual_serial_number":{"type":"string","description_kind":"plain","computed":true},"virtual_uuid":{"type":"string","description_kind":"plain","computed":true}},"block_types":{"server_power_state":{"nesting_mode":"list","block":{"attributes":{"power_control":{"type":"string","description_kind":"plain","optional":true},"power_state":{"type":"string","description_kind":"plain","optional":true}},"description_kind":"plain"}}},"description_kind":"plain"}},"oneview_server_profile":{"version":0,"block":{"attributes":{"affinity":{"type":"string","description_kind":"plain","optional":true,"computed":true},"associated_server":{"type":"string","description_kind":"plain","computed":true},"category":{"type":"string","description_kind":"plain","computed":true},"created":{"type":"string","description_kind":"plain","computed":true},"description":{"type":"string","description_kind":"plain","optional":true,"computed":true},"enclosure_bay":{"type":"string","description_kind":"plain","computed":true},"enclosure_group":{"type":"string","description_kind":"plain","optional":true,"computed":true},"enclosure_uri":{"type":"string","description_kind":"plain","computed":true},"etag":{"type":"string","description_kind":"plain","computed":true},"hardware_name":{"type":"string","description_kind":"plain","optional":true},"hardware_uri":{"type":"string","description_kind":"plain","computed":true},"hide_unused_flex_nics":{"type":"bool","description_kind":"plain","optional":true,"computed":true},"hw_filter":{"type":["list","string"],"description_kind":"plain","optional":true},"id":{"type":"string","description_kind":"plain","optional":true,"computed":true},"ilo_ip":{"type":"string","description_kind":"plain","computed":true},"in_progress":{"type":"string","description_kind":"plain","optional":true,"computed":true},"initial_scope_uris":{"type":["set","string"],"description_kind":"plain","optional":true},"iscsi_initiator_name":{"type":"string","description_kind":"plain","optional":true,"computed":true},"iscsi_initiator_name_type":{"type":"string","description_kind":"plain","optional":true,"computed":true},"mac_type":{"type":"string","description_kind":"plain","optional":true,"computed":true},"modified":{"type":"string","description_kind":"plain","optional":true,"computed":true},"name":{"type":"string","description_kind":"plain","required":true},"power_state":{"type":"string","description_kind":"plain","optional":true},"profile_uuid":{"type":"string","description_kind":"plain","optional":true,"computed":true},"public_connection":{"type":"string","description_kind":"plain","optional":true},"public_mac":{"type":"string","description_kind":"plain","computed":true},"public_slot_id":{"type":"number","description_kind":"plain","computed":true},"refresh_state":{"type":"string","description_kind":"plain","optional":true,"computed":true},"scopes_uri":{"type":"string","description_kind":"plain","optional":true,"computed":true},"serial_number":{"type":"string","description_kind":"plain","computed":true},"serial_number_type":{"type":"string","description_kind":"plain","optional":true,"computed":true},"server_hardware_reapply_state":{"type":"string","description_kind":"plain","optional":true,"computed":true},"server_hardware_type":{"type":"string","description_kind":"plain","optional":true,"computed":true},"server_hardware_type_uri":{"type":"string","description_kind":"plain","optional":true,"computed":true},"service_manager":{"type":"string","description_kind":"plain","optional":true,"computed":true},"state":{"type":"string","description_kind":"plain","optional":true,"computed":true},"status":{"type":"string","description_kind":"plain","optional":true,"computed":true},"task_uri":{"type":"string","description_kind":"plain","optional":true,"computed":true},"template":{"type":"string","description_kind":"plain","optional":true,"computed":true},"template_compliance":{"type":"string","description_kind":"plain","optional":true,"computed":true},"type":{"type":"string","description_kind":"plain","optional":true,"computed":true},"update_type":{"type":"string","description_kind":"plain","optional":true},"uri":{"type":"string","description_kind":"plain","computed":true},"uuid":{"type":"string","description_kind":"plain","optional":true,"computed":true},"wwn_type":{"type":"string","description_kind":"plain","optional":true,"computed":true}},"block_types":{"bios_option":{"nesting_mode":"list","block":{"attributes":{"consistency_state":{"type":"string","description_kind":"plain","computed":true},"manage_bios":{"type":"bool","description_kind":"plain","required":true},"reapply_state":{"type":"string","description_kind":"plain","computed":true}},"block_types":{"overridden_settings":{"nesting_mode":"set","block":{"attributes":{"id":{"type":"string","description_kind":"plain","optional":true},"value":{"type":"string","description_kind":"plain","optional":true}},"description_kind":"plain"}}},"description_kind":"plain"}},"boot":{"nesting_mode":"list","block":{"attributes":{"boot_order":{"type":["set","string"],"description_kind":"plain","optional":true},"manage_boot":{"type":"bool","description_kind":"plain","optional":true}},"description_kind":"plain"}},"boot_mode":{"nesting_mode":"list","block":{"attributes":{"manage_mode":{"type":"bool","description_kind":"plain","required":true},"mode":{"type":"string","description_kind":"plain","required":true},"pxe_boot_policy":{"type":"string","description_kind":"plain","required":true},"secure_boot":{"type":"string","description_kind":"plain","optional":true,"computed":true}},"description_kind":"plain"}},"connection_settings":{"nesting_mode":"list","block":{"attributes":{"reapply_state":{"type":"string","description_kind":"plain","computed":true}},"block_types":{"connections":{"nesting_mode":"set","block":{"attributes":{"allocated_mbps":{"type":"number","description_kind":"plain","computed":true},"allocated_vfs":{"type":"number","description_kind":"plain","computed":true},"function_type":{"type":"string","description_kind":"plain","optional":true},"id":{"type":"number","description_kind":"plain","optional":true},"interconnect_port":{"type":"number","description_kind":"plain","optional":true},"interconnect_uri":{"type":"string","description_kind":"plain","computed":true},"isolated_trunk":{"type":"bool","description_kind":"plain","optional":true},"lag_name":{"type":"string","description_kind":"plain","optional":true},"mac":{"type":"string","description_kind":"plain","optional":true},"mac_type":{"type":"string","description_kind":"plain","optional":true},"managed":{"type":"bool","description_kind":"plain","computed":true},"maximum_mbps":{"type":"number","description_kind":"plain","computed":true},"name":{"type":"string","description_kind":"plain","optional":true},"network_name":{"type":"string","description_kind":"plain","computed":true},"network_uri":{"type":"string","description_kind":"plain","optional":true},"port_id":{"type":"string","description_kind":"plain","optional":true},"private_vlan_port_type":{"type":"string","description_kind":"plain","computed":true},"requested_mbps":{"type":"string","description_kind":"plain","optional":true},"requested_vfs":{"type":"string","description_kind":"plain","optional":true},"state":{"type":"string","description_kind":"plain","computed":true},"status":{"type":"string","description_kind":"plain","computed":true},"wwnn":{"type":"string","description_kind":"plain","optional":true},"wwpn":{"type":"string","description_kind":"plain","optional":true},"wwpn_type":{"type":"string","description_kind":"plain","optional":true}},"block_types":{"boot":{"nesting_mode":"list","block":{"attributes":{"boot_vlan_id":{"type":"number","description_kind":"plain","optional":true},"boot_volume_source":{"type":"string","description_kind":"plain","optional":true},"ethernet_boot_type":{"type":"string","description_kind":"plain","optional":true},"priority":{"type":"string","description_kind":"plain","optional":true}},"block_types":{"boot_target":{"nesting_mode":"set","block":{"attributes":{"array_wwpn":{"type":"string","description_kind":"plain","optional":true},"lun":{"type":"string","description_kind":"plain","optional":true}},"description_kind":"plain"}},"iscsi":{"nesting_mode":"list","block":{"attributes":{"boot_target_lun":{"type":"string","description_kind":"plain","optional":true},"boot_target_name":{"type":"string","description_kind":"plain","optional":true},"chap_level":{"type":"string","description_kind":"plain","optional":true},"chap_name":{"type":"string","description_kind":"plain","optional":true},"chap_secret":{"type":"string","description_kind":"plain","optional":true},"first_boot_target_ip":{"type":"string","description_kind":"plain","optional":true},"first_boot_target_port":{"type":"string","description_kind":"plain","optional":true},"initiator_name":{"type":"string","description_kind":"plain","optional":true,"computed":true},"initiator_name_source":{"type":"string","description_kind":"plain","optional":true},"mutual_chap_name":{"type":"string","description_kind":"plain","optional":true},"mutual_chap_secret":{"type":"string","description_kind":"plain","optional":true},"second_boot_target_ip":{"type":"string","description_kind":"plain","optional":true},"second_boot_target_port":{"type":"string","description_kind":"plain","optional":true}},"description_kind":"plain"},"max_items":1}},"description_kind":"plain"}},"ipv4":{"nesting_mode":"list","block":{"attributes":{"gateway":{"type":"string","description_kind":"plain","optional":true},"ip_address":{"type":"string","description_kind":"plain","optional":true},"ip_address_source":{"type":"string","description_kind":"plain","optional":true},"subnet_mask":{"type":"string","description_kind":"plain","optional":true}},"description_kind":"plain"}}},"description_kind":"plain"}}},"description_kind":"plain"}},"firmware":{"nesting_mode":"list","block":{"attributes":{"consistency_state":{"type":"string","description_kind":"plain","computed":true},"firmware_activation_type":{"type":"string","description_kind":"plain","optional":true,"computed":true},"firmware_baseline_uri":{"type":"string","description_kind":"plain","optional":true,"computed":true},"firmware_install_type":{"type":"string","description_kind":"plain","optional":true,"computed":true},"firmware_schedule_date_time":{"type":"string","description_kind":"plain","optional":true,"computed":true},"force_install_firmware":{"type":"bool","description_kind":"plain","optional":true,"computed":true},"manage_firmware":{"type":"bool","description_kind":"plain","optional":true,"computed":true},"reapply_state":{"type":"string","description_kind":"plain","computed":true}},"description_kind":"plain"},"max_items":1},"local_storage":{"nesting_mode":"list","block":{"attributes":{"reapply_state":{"type":"string","description_kind":"plain","computed":true}},"block_types":{"controller":{"nesting_mode":"set","block":{"attributes":{"device_slot":{"type":"string","description_kind":"plain","optional":true},"drive_write_cache":{"type":"string","description_kind":"plain","optional":true},"import_configuration":{"type":"bool","description_kind":"plain","optional":true},"initialize":{"type":"bool","description_kind":"plain","optional":true},"mode":{"type":"string","description_kind":"plain","optional":true},"predictive_spare_rebuild":{"type":"string","description_kind":"plain","optional":true}},"block_types":{"logical_drives":{"nesting_mode":"set","block":{"attributes":{"accelerator":{"type":"string","description_kind":"plain","optional":true},"bootable":{"type":"bool","description_kind":"plain","optional":true},"drive_number":{"type":"number","description_kind":"plain","computed":true},"drive_technology":{"type":"string","description_kind":"plain","optional":true},"name":{"type":"string","description_kind":"plain","optional":true},"num_physical_drives":{"type":"number","description_kind":"plain","optional":true},"num_spare_drives":{"type":"string","description_kind":"plain","optional":true},"raid_level":{"type":"string","description_kind":"plain","optional":true},"sas_logical_jbod_id":{"type":"string","description_kind":"plain","optional":true}},"description_kind":"plain"}}},"description_kind":"plain"}},"sas_logical_jbod":{"nesting_mode":"set","block":{"attributes":{"description":{"type":"string","description_kind":"plain","optional":true},"device_slot":{"type":"string","description_kind":"plain","optional":true},"drive_max_size_gb":{"type":"number","description_kind":"plain","optional":true},"drive_min_size_gb":{"type":"number","description_kind":"plain","optional":true},"drive_technology":{"type":"string","description_kind":"plain","optional":true},"erase_data":{"type":"bool","description_kind":"plain","optional":true},"id":{"type":"number","description_kind":"plain","optional":true},"name":{"type":"string","description_kind":"plain","optional":true},"num_physical_drive":{"type":"number","description_kind":"plain","optional":true},"persistent":{"type":"bool","description_kind":"plain","optional":true},"sas_logical_jbod_uri":{"type":"string","description_kind":"plain","optional":true},"status":{"type":"string","description_kind":"plain","computed":true}},"description_kind":"plain"}}},"description_kind":"plain"},"max_items":1},"management_processor":{"nesting_mode":"list","block":{"attributes":{"compliance_control":{"type":"string","description_kind":"plain","optional":true,"computed":true},"manage_mp":{"type":"bool","description_kind":"plain","optional":true},"reapply_state":{"type":"string","description_kind":"plain","optional":true,"computed":true}},"block_types":{"mp_settings":{"nesting_mode":"list","block":{"block_types":{"administrator_account":{"nesting_mode":"list","block":{"attributes":{"delete_administrator_account":{"type":"bool","description_kind":"plain","optional":true},"password":{"type":"string","description_kind":"plain","optional":true,"sensitive":true}},"description_kind":"plain"}},"directory":{"nesting_mode":"list","block":{"attributes":{"directory_authentication":{"type":"string","description_kind":"plain","optional":true,"computed":true},"directory_generic_ldap":{"type":"bool","description_kind":"plain","optional":true},"directory_server_address":{"type":"string","description_kind":"plain","optional":true},"directory_server_certificate":{"type":"string","description_kind":"plain","optional":true},"directory_server_port":{"type":"number","description_kind":"plain","optional":true},"directory_user_context":{"type":["set","string"],"description_kind":"plain","optional":true},"ilo_distinguished_name":{"type":"string","description_kind":"plain","optional":true},"kerberos_authentication":{"type":"bool","description_kind":"plain","optional":true},"kerberos_kdc_server_address":{"type":"string","description_kind":"plain","optional":true},"kerberos_kdc_server_port":{"type":"number","description_kind":"plain","optional":true},"kerberos_key_tab":{"type":"string","description_kind":"plain","optional":true},"kerberos_realm":{"type":"string","description_kind":"plain","optional":true},"password":{"type":"string","description_kind":"plain","optional":true,"sensitive":true}},"description_kind":"plain"},"max_items":1},"directory_groups":{"nesting_mode":"set","block":{"attributes":{"group_dn":{"type":"string","description_kind":"plain","optional":true},"group_sid":{"type":"string","description_kind":"plain","optional":true},"ilo_config_priv":{"type":"bool","description_kind":"plain","optional":true},"remote_console_priv":{"type":"bool","description_kind":"plain","optional":true},"user_config_priv":{"type":"bool","description_kind":"plain","optional":true},"virtual_media_priv":{"type":"bool","description_kind":"plain","optional":true},"virtual_power_and_reset_priv":{"type":"bool","description_kind":"plain","optional":true}},"description_kind":"plain"}},"ilo_host_name":{"nesting_mode":"list","block":{"attributes":{"hostname":{"type":"string","description_kind":"plain","optional":true}},"description_kind":"plain"},"max_items":1},"key_manager":{"nesting_mode":"list","block":{"attributes":{"certificate_name":{"type":"string","description_kind":"plain","optional":true},"group_name":{"type":"string","description_kind":"plain","optional":true},"login_name":{"type":"string","description_kind":"plain","optional":true},"password":{"type":"string","description_kind":"plain","optional":true,"sensitive":true},"primary_server_address":{"type":"string","description_kind":"plain","optional":true},"primary_server_port":{"type":"number","description_kind":"plain","optional":true},"redundancy_required":{"type":"bool","description_kind":"plain","optional":true},"secondary_server_address":{"type":"string","description_kind":"plain","optional":true},"secondary_server_port":{"type":"number","description_kind":"plain","optional":true}},"description_kind":"plain"},"max_items":1},"local_accounts":{"nesting_mode":"set","block":{"attributes":{"display_name":{"type":"string","description_kind":"plain","optional":true},"ilo_config_priv":{"type":"bool","description_kind":"plain","optional":true},"password":{"type":"string","description_kind":"plain","optional":true,"sensitive":true},"remote_console_priv":{"type":"bool","description_kind":"plain","optional":true},"user_config_priv":{"type":"bool","description_kind":"plain","optional":true},"user_name":{"type":"string","description_kind":"plain","optional":true},"virtual_media_priv":{"type":"bool","description_kind":"plain","optional":true},"virtual_power_and_reset_priv":{"type":"bool","description_kind":"plain","optional":true}},"description_kind":"plain"}}},"description_kind":"plain"}}},"description_kind":"plain"}},"options":{"nesting_mode":"set","block":{"attributes":{"op":{"type":"string","description_kind":"plain","required":true},"path":{"type":"string","description_kind":"plain","required":true},"value":{"type":"string","description_kind":"plain","required":true}},"description_kind":"plain"}},"os_deployment_settings":{"nesting_mode":"set","block":{"attributes":{"deploy_method":{"type":"string","description_kind":"plain","optional":true},"deployment_mac":{"type":"string","description_kind":"plain","optional":true},"deployment_port_id":{"type":"string","description_kind":"plain","optional":true},"force_os_deployment":{"type":"bool","description_kind":"plain","optional":true},"os_deployment_plan_name":{"type":"string","description_kind":"plain","optional":true},"os_deployment_plan_uri":{"type":"string","description_kind":"plain","optional":true},"os_volume":{"type":"string","description_kind":"plain","optional":true},"reapply_state":{"type":"string","description_kind":"plain","optional":true,"computed":true}},"block_types":{"os_custom_attributes":{"nesting_mode":"set","block":{"attributes":{"constraints":{"type":"string","description_kind":"plain","computed":true},"name":{"type":"string","description_kind":"plain","optional":true},"type":{"type":"string","description_kind":"plain","computed":true},"value":{"type":"string","description_kind":"plain","optional":true}},"description_kind":"plain"}}},"description_kind":"plain"},"max_items":1},"san_storage":{"nesting_mode":"list","block":{"attributes":{"host_os_type":{"type":"string","description_kind":"plain","optional":true},"manage_san_storage":{"type":"bool","description_kind":"plain","optional":true}},"block_types":{"san_system_credentials":{"nesting_mode":"list","block":{"attributes":{"chap_level":{"type":"string","description_kind":"plain","optional":true,"computed":true},"chap_name":{"type":"string","description_kind":"plain","computed":true},"chap_secret":{"type":"string","description_kind":"plain","computed":true},"chap_source":{"type":"string","description_kind":"plain","computed":true},"mutual_chap_name":{"type":"string","description_kind":"plain","computed":true},"mutual_chap_secret":{"type":"string","description_kind":"plain","computed":true},"storage_system_uri":{"type":"string","description_kind":"plain","optional":true}},"description_kind":"plain"}}},"description_kind":"plain"},"max_items":1},"volume_attachments":{"nesting_mode":"set","block":{"attributes":{"associated_template_attachment_id":{"type":"string","description_kind":"plain","optional":true},"boot_volume_priority":{"type":"string","description_kind":"plain","optional":true},"id":{"type":"number","description_kind":"plain","optional":true},"is_permanent":{"type":"bool","description_kind":"plain","optional":true},"lun":{"type":"string","description_kind":"plain","optional":true},"lun_type":{"type":"string","description_kind":"plain","optional":true},"state":{"type":"string","description_kind":"plain","computed":true},"status":{"type":"string","description_kind":"plain","computed":true},"volume_storage_system_uri":{"type":"string","description_kind":"plain","optional":true},"volume_uri":{"type":"string","description_kind":"plain","optional":true}},"block_types":{"storage_paths":{"nesting_mode":"set","block":{"attributes":{"connection_id":{"type":"number","description_kind":"plain","optional":true},"is_enabled":{"type":"bool","description_kind":"plain","optional":true},"network_uri":{"type":"string","description_kind":"plain","optional":true},"status":{"type":"string","description_kind":"plain","computed":true},"target_selector":{"type":"string","description_kind":"plain","optional":true}},"block_types":{"targets":{"nesting_mode":"set","block":{"attributes":{"ip_address":{"type":"string","description_kind":"plain","optional":true},"name":{"type":"string","description_kind":"plain","optional":true},"tcp_port":{"type":"string","description_kind":"plain","optional":true}},"description_kind":"plain"}}},"description_kind":"plain"}},"volume":{"nesting_mode":"list","block":{"attributes":{"initial_scope_uris":{"type":["set","string"],"description_kind":"plain","optional":true},"is_permanent":{"type":"bool","description_kind":"plain","optional":true},"template_uri":{"type":"string","description_kind":"plain","optional":true}},"block_types":{"properties":{"nesting_mode":"set","block":{"attributes":{"data_protection_level":{"type":"string","description_kind":"plain","optional":true},"data_transfer_limit":{"type":"number","description_kind":"plain","optional":true},"description":{"type":"string","description_kind":"plain","optional":true},"folder":{"type":"string","description_kind":"plain","optional":true},"iops_limit":{"type":"number","description_kind":"plain","optional":true},"is_adaptive_optimization_enabled":{"type":"bool","description_kind":"plain","optional":true},"is_compressed":{"type":"bool","description_kind":"plain","optional":true},"is_data_reduction_enabled":{"type":"bool","description_kind":"plain","optional":true},"is_deduplicated":{"type":"bool","description_kind":"plain","optional":true},"is_encrypted":{"type":"bool","description_kind":"plain","optional":true},"is_pinned":{"type":"bool","description_kind":"plain","optional":true},"is_shareable":{"type":"bool","description_kind":"plain","optional":true},"name":{"type":"string","description_kind":"plain","optional":true},"performance_policy":{"type":"string","description_kind":"plain","optional":true},"provisioning_type":{"type":"string","description_kind":"plain","optional":true},"size":{"type":"number","description_kind":"plain","optional":true},"snapshot_pool":{"type":"string","description_kind":"plain","optional":true},"storage_pool":{"type":"string","description_kind":"plain","optional":true},"template_version":{"type":"string","description_kind":"plain","optional":true},"volume_set":{"type":"string","description_kind":"plain","optional":true}},"description_kind":"plain"}}},"description_kind":"plain"}}},"description_kind":"plain"}}},"description_kind":"plain"}},"oneview_server_profile_template":{"version":0,"block":{"attributes":{"affinity":{"type":"string","description_kind":"plain","optional":true,"computed":true},"category":{"type":"string","description_kind":"plain","computed":true},"created":{"type":"string","description_kind":"plain","computed":true},"description":{"type":"string","description_kind":"plain","optional":true},"enclosure_group":{"type":"string","description_kind":"plain","optional":true},"enclosure_group_uri":{"type":"string","description_kind":"plain","computed":true},"etag":{"type":"string","description_kind":"plain","computed":true},"hide_unused_flex_nics":{"type":"bool","description_kind":"plain","optional":true,"computed":true},"id":{"type":"string","description_kind":"plain","optional":true,"computed":true},"initial_scope_uris":{"type":["set","string"],"description_kind":"plain","optional":true},"iscsi_initiator_name_type":{"type":"string","description_kind":"plain","optional":true,"computed":true},"mac_type":{"type":"string","description_kind":"plain","optional":true,"computed":true},"modified":{"type":"string","description_kind":"plain","computed":true},"name":{"type":"string","description_kind":"plain","required":true},"refresh_state":{"type":"string","description_kind":"plain","optional":true,"computed":true},"scopes_uri":{"type":"string","description_kind":"plain","computed":true},"serial_number_type":{"type":"string","description_kind":"plain","optional":true,"computed":true},"server_hardware_type":{"type":"string","description_kind":"plain","optional":true},"server_hardware_type_uri":{"type":"string","description_kind":"plain","optional":true,"computed":true},"server_profile_description":{"type":"string","description_kind":"plain","optional":true},"state":{"type":"string","description_kind":"plain","computed":true},"status":{"type":"string","description_kind":"plain","computed":true},"type":{"type":"string","description_kind":"plain","optional":true,"computed":true},"uri":{"type":"string","description_kind":"plain","computed":true},"wwn_type":{"type":"string","description_kind":"plain","optional":true,"computed":true}},"block_types":{"bios_option":{"nesting_mode":"list","block":{"attributes":{"compliance_control":{"type":"string","description_kind":"plain","optional":true},"manage_bios":{"type":"bool","description_kind":"plain","required":true}},"block_types":{"overridden_settings":{"nesting_mode":"set","block":{"attributes":{"id":{"type":"string","description_kind":"plain","optional":true},"value":{"type":"string","description_kind":"plain","optional":true}},"description_kind":"plain"}}},"description_kind":"plain"},"max_items":1},"boot":{"nesting_mode":"list","block":{"attributes":{"boot_order":{"type":["set","string"],"description_kind":"plain","optional":true},"compliance_control":{"type":"string","description_kind":"plain","optional":true,"computed":true},"manage_boot":{"type":"bool","description_kind":"plain","optional":true}},"description_kind":"plain"},"max_items":1},"boot_mode":{"nesting_mode":"list","block":{"attributes":{"compliance_control":{"type":"string","description_kind":"plain","optional":true,"computed":true},"manage_mode":{"type":"bool","description_kind":"plain","required":true},"mode":{"type":"string","description_kind":"plain","optional":true},"pxe_boot_policy":{"type":"string","description_kind":"plain","optional":true},"secure_boot":{"type":"string","description_kind":"plain","optional":true,"computed":true}},"description_kind":"plain"},"max_items":1},"connection_settings":{"nesting_mode":"list","block":{"attributes":{"compliance_control":{"type":"string","description_kind":"plain","optional":true,"computed":true},"manage_connections":{"type":"bool","description_kind":"plain","required":true}},"block_types":{"connections":{"nesting_mode":"set","block":{"attributes":{"function_type":{"type":"string","description_kind":"plain","optional":true},"id":{"type":"number","description_kind":"plain","optional":true,"computed":true},"isolated_trunk":{"type":"bool","description_kind":"plain","optional":true},"lag_name":{"type":"string","description_kind":"plain","optional":true},"mac_type":{"type":"string","description_kind":"plain","optional":true},"name":{"type":"string","description_kind":"plain","optional":true},"network_name":{"type":"string","description_kind":"plain","optional":true},"network_uri":{"type":"string","description_kind":"plain","optional":true},"port_id":{"type":"string","description_kind":"plain","optional":true},"requested_mbps":{"type":"string","description_kind":"plain","optional":true},"requested_vfs":{"type":"string","description_kind":"plain","optional":true}},"block_types":{"boot":{"nesting_mode":"list","block":{"attributes":{"boot_vlan_id":{"type":"string","description_kind":"plain","optional":true},"boot_volume_source":{"type":"string","description_kind":"plain","optional":true},"ethernet_boot_type":{"type":"string","description_kind":"plain","optional":true},"priority":{"type":"string","description_kind":"plain","optional":true}},"block_types":{"boot_target":{"nesting_mode":"set","block":{"attributes":{"array_wwpn":{"type":"string","description_kind":"plain","optional":true},"lun":{"type":"string","description_kind":"plain","optional":true}},"description_kind":"plain"}},"iscsi":{"nesting_mode":"list","block":{"attributes":{"boot_target_lun":{"type":"string","description_kind":"plain","optional":true},"boot_target_name":{"type":"string","description_kind":"plain","optional":true},"chap_level":{"type":"string","description_kind":"plain","optional":true},"chap_name":{"type":"string","description_kind":"plain","optional":true},"chap_secret":{"type":"string","description_kind":"plain","optional":true},"first_boot_target_ip":{"type":"string","description_kind":"plain","optional":true},"first_boot_target_port":{"type":"string","description_kind":"plain","optional":true},"initiator_name":{"type":"string","description_kind":"plain","optional":true,"computed":true},"initiator_name_source":{"type":"string","description_kind":"plain","optional":true},"mutual_chap_name":{"type":"string","description_kind":"plain","optional":true},"second_boot_target_ip":{"type":"string","description_kind":"plain","optional":true},"second_boot_target_port":{"type":"string","description_kind":"plain","optional":true}},"description_kind":"plain"}},"targets":{"nesting_mode":"set","block":{"attributes":{"array_wwpn":{"type":"string","description_kind":"plain","optional":true},"lun":{"type":"string","description_kind":"plain","optional":true}},"description_kind":"plain"}}},"description_kind":"plain"},"max_items":1},"ipv4":{"nesting_mode":"list","block":{"attributes":{"gateway":{"type":"string","description_kind":"plain","optional":true},"ip_address":{"type":"string","description_kind":"plain","optional":true},"ip_address_source":{"type":"string","description_kind":"plain","optional":true},"subnet_mask":{"type":"string","description_kind":"plain","optional":true}},"description_kind":"plain"}}},"description_kind":"plain"}}},"description_kind":"plain"},"max_items":1},"firmware":{"nesting_mode":"list","block":{"attributes":{"compliance_control":{"type":"string","description_kind":"plain","optional":true,"computed":true},"firmware_activation_type":{"type":"string","description_kind":"plain","optional":true,"computed":true},"firmware_baseline_uri":{"type":"string","description_kind":"plain","optional":true,"computed":true},"firmware_install_type":{"type":"string","description_kind":"plain","optional":true,"computed":true},"force_install_firmware":{"type":"bool","description_kind":"plain","optional":true,"computed":true},"manage_firmware":{"type":"bool","description_kind":"plain","optional":true,"computed":true}},"description_kind":"plain"},"max_items":1},"local_storage":{"nesting_mode":"set","block":{"attributes":{"compliance_control":{"type":"string","description_kind":"plain","optional":true}},"block_types":{"controller":{"nesting_mode":"set","block":{"attributes":{"device_slot":{"type":"string","description_kind":"plain","optional":true},"drive_write_cache":{"type":"string","description_kind":"plain","optional":true},"import_configuration":{"type":"bool","description_kind":"plain","optional":true},"initialize":{"type":"bool","description_kind":"plain","optional":true},"mode":{"type":"string","description_kind":"plain","optional":true},"predictive_spare_rebuild":{"type":"string","description_kind":"plain","optional":true}},"block_types":{"logical_drives":{"nesting_mode":"set","block":{"attributes":{"accelerator":{"type":"string","description_kind":"plain","optional":true},"bootable":{"type":"bool","description_kind":"plain","optional":true},"drive_technology":{"type":"string","description_kind":"plain","optional":true},"name":{"type":"string","description_kind":"plain","optional":true},"num_physical_drives":{"type":"number","description_kind":"plain","optional":true},"num_spare_drives":{"type":"number","description_kind":"plain","optional":true},"raid_level":{"type":"string","description_kind":"plain","optional":true},"sas_logical_jbod_id":{"type":"number","description_kind":"plain","optional":true}},"description_kind":"plain"}}},"description_kind":"plain"}},"sas_logical_jbod":{"nesting_mode":"set","block":{"attributes":{"description":{"type":"string","description_kind":"plain","optional":true},"device_slot":{"type":"string","description_kind":"plain","optional":true},"drive_max_size_gb":{"type":"number","description_kind":"plain","optional":true},"drive_min_size_gb":{"type":"number","description_kind":"plain","optional":true},"drive_technology":{"type":"string","description_kind":"plain","optional":true},"erase_data":{"type":"bool","description_kind":"plain","optional":true},"id":{"type":"number","description_kind":"plain","optional":true},"name":{"type":"string","description_kind":"plain","optional":true},"num_physical_drive":{"type":"number","description_kind":"plain","optional":true},"persistent":{"type":"bool","description_kind":"plain","optional":true}},"description_kind":"plain"}}},"description_kind":"plain"},"max_items":1},"management_processor":{"nesting_mode":"list","block":{"attributes":{"compliance_control":{"type":"string","description_kind":"plain","optional":true,"computed":true},"manage_mp":{"type":"bool","description_kind":"plain","required":true},"reapply_state":{"type":"string","description_kind":"plain","optional":true,"computed":true}},"block_types":{"mp_settings":{"nesting_mode":"list","block":{"block_types":{"administrator_account":{"nesting_mode":"list","block":{"attributes":{"delete_administrator_account":{"type":"bool","description_kind":"plain","optional":true},"password":{"type":"string","description_kind":"plain","optional":true,"sensitive":true}},"description_kind":"plain"},"max_items":1},"directory":{"nesting_mode":"list","block":{"attributes":{"directory_authentication":{"type":"string","description_kind":"plain","optional":true},"directory_generic_ldap":{"type":"bool","description_kind":"plain","optional":true},"directory_server_address":{"type":"string","description_kind":"plain","optional":true},"directory_server_certificate":{"type":"string","description_kind":"plain","optional":true},"directory_server_port":{"type":"number","description_kind":"plain","optional":true},"directory_user_context":{"type":["set","string"],"description_kind":"plain","optional":true},"ilo_distinguished_name":{"type":"string","description_kind":"plain","optional":true},"kerberos_authentication":{"type":"bool","description_kind":"plain","optional":true},"kerberos_kdc_server_address":{"type":"string","description_kind":"plain","optional":true},"kerberos_kdc_server_port":{"type":"number","description_kind":"plain","optional":true},"kerberos_key_tab":{"type":"string","description_kind":"plain","optional":true},"kerberos_realm":{"type":"string","description_kind":"plain","optional":true},"password":{"type":"string","description_kind":"plain","optional":true,"sensitive":true}},"description_kind":"plain"},"max_items":1},"directory_groups":{"nesting_mode":"set","block":{"attributes":{"group_dn":{"type":"string","description_kind":"plain","optional":true},"group_sid":{"type":"string","description_kind":"plain","optional":true},"ilo_config_priv":{"type":"bool","description_kind":"plain","optional":true},"remote_console_priv":{"type":"bool","description_kind":"plain","optional":true},"user_config_priv":{"type":"bool","description_kind":"plain","optional":true},"virtual_media_priv":{"type":"bool","description_kind":"plain","optional":true},"virtual_power_and_reset_priv":{"type":"bool","description_kind":"plain","optional":true}},"description_kind":"plain"}},"ilo_host_name":{"nesting_mode":"list","block":{"attributes":{"hostname":{"type":"string","description_kind":"plain","optional":true}},"description_kind":"plain"},"max_items":1},"key_manager":{"nesting_mode":"list","block":{"attributes":{"certificate_name":{"type":"string","description_kind":"plain","optional":true},"group_name":{"type":"string","description_kind":"plain","optional":true},"login_name":{"type":"string","description_kind":"plain","optional":true},"password":{"type":"string","description_kind":"plain","optional":true,"sensitive":true},"primary_server_address":{"type":"string","description_kind":"plain","optional":true},"primary_server_port":{"type":"number","description_kind":"plain","optional":true},"redundancy_required":{"type":"bool","description_kind":"plain","optional":true},"secondary_server_address":{"type":"string","description_kind":"plain","optional":true},"secondary_server_port":{"type":"number","description_kind":"plain","optional":true}},"description_kind":"plain"},"max_items":1},"local_accounts":{"nesting_mode":"set","block":{"attributes":{"display_name":{"type":"string","description_kind":"plain","optional":true},"ilo_config_priv":{"type":"bool","description_kind":"plain","optional":true},"password":{"type":"string","description_kind":"plain","optional":true,"sensitive":true},"remote_console_priv":{"type":"bool","description_kind":"plain","optional":true},"user_config_priv":{"type":"bool","description_kind":"plain","optional":true},"user_name":{"type":"string","description_kind":"plain","optional":true},"virtual_media_priv":{"type":"bool","description_kind":"plain","optional":true},"virtual_power_and_reset_priv":{"type":"bool","description_kind":"plain","optional":true}},"description_kind":"plain"}}},"description_kind":"plain"}}},"description_kind":"plain"}},"os_deployment_settings":{"nesting_mode":"set","block":{"attributes":{"compliance_control":{"type":"string","description_kind":"plain","optional":true},"deploy_method":{"type":"string","description_kind":"plain","optional":true},"deployment_port_id":{"type":"string","description_kind":"plain","optional":true},"os_deployment_plan_name":{"type":"string","description_kind":"plain","optional":true},"os_deployment_plan_uri":{"type":"string","description_kind":"plain","optional":true}},"block_types":{"os_custom_attributes":{"nesting_mode":"set","block":{"attributes":{"constraints":{"type":"string","description_kind":"plain","computed":true},"name":{"type":"string","description_kind":"plain","optional":true},"type":{"type":"string","description_kind":"plain","computed":true},"value":{"type":"string","description_kind":"plain","optional":true}},"description_kind":"plain"}}},"description_kind":"plain"},"max_items":1},"san_storage":{"nesting_mode":"list","block":{"attributes":{"compliance_control":{"type":"string","description_kind":"plain","optional":true,"computed":true},"host_os_type":{"type":"string","description_kind":"plain","optional":true},"manage_san_storage":{"type":"bool","description_kind":"plain","optional":true}},"block_types":{"san_system_credentials":{"nesting_mode":"list","block":{"attributes":{"chap_level":{"type":"string","description_kind":"plain","optional":true,"computed":true},"chap_name":{"type":"string","description_kind":"plain","computed":true},"chap_secret":{"type":"string","description_kind":"plain","computed":true},"chap_source":{"type":"string","description_kind":"plain","computed":true},"mutual_chap_name":{"type":"string","description_kind":"plain","computed":true},"mutual_chap_secret":{"type":"string","description_kind":"plain","computed":true},"storage_system_uri":{"type":"string","description_kind":"plain","optional":true}},"description_kind":"plain"}}},"description_kind":"plain"},"max_items":1},"volume_attachments":{"nesting_mode":"list","block":{"attributes":{"associated_template_attachment_id":{"type":"string","description_kind":"plain","optional":true,"computed":true},"boot_volume_priority":{"type":"string","description_kind":"plain","optional":true},"id":{"type":"number","description_kind":"plain","optional":true},"lun":{"type":"string","description_kind":"plain","optional":true},"lun_type":{"type":"string","description_kind":"plain","optional":true},"state":{"type":"string","description_kind":"plain","computed":true},"status":{"type":"string","description_kind":"plain","computed":true},"volume_storage_system_uri":{"type":"string","description_kind":"plain","optional":true},"volume_uri":{"type":"string","description_kind":"plain","optional":true}},"block_types":{"storage_paths":{"nesting_mode":"list","block":{"attributes":{"connection_id":{"type":"number","description_kind":"plain","optional":true},"is_enabled":{"type":"bool","description_kind":"plain","optional":true},"network_uri":{"type":"string","description_kind":"plain","optional":true},"status":{"type":"string","description_kind":"plain","optional":true},"target_selector":{"type":"string","description_kind":"plain","optional":true}},"block_types":{"targets":{"nesting_mode":"list","block":{"attributes":{"ip_address":{"type":"string","description_kind":"plain","optional":true},"name":{"type":"string","description_kind":"plain","optional":true},"tcp_port":{"type":"number","description_kind":"plain","optional":true}},"description_kind":"plain"}}},"description_kind":"plain"}},"volume":{"nesting_mode":"list","block":{"attributes":{"initial_scope_uris":{"type":["set","string"],"description_kind":"plain","optional":true},"is_permanent":{"type":"bool","description_kind":"plain","optional":true},"template_uri":{"type":"string","description_kind":"plain","optional":true}},"block_types":{"properties":{"nesting_mode":"list","block":{"attributes":{"data_protection_level":{"type":"string","description_kind":"plain","optional":true},"data_transfer_limit":{"type":"number","description_kind":"plain","optional":true},"description":{"type":"string","description_kind":"plain","optional":true},"folder":{"type":"string","description_kind":"plain","optional":true},"iops_limit":{"type":"number","description_kind":"plain","optional":true},"is_adaptive_optimization_enabled":{"type":"bool","description_kind":"plain","optional":true},"is_compressed":{"type":"bool","description_kind":"plain","optional":true},"is_data_reduction_enabled":{"type":"bool","description_kind":"plain","optional":true},"is_deduplicated":{"type":"bool","description_kind":"plain","optional":true},"is_encrypted":{"type":"bool","description_kind":"plain","optional":true},"is_pinned":{"type":"bool","description_kind":"plain","optional":true},"is_shareable":{"type":"bool","description_kind":"plain","optional":true},"name":{"type":"string","description_kind":"plain","optional":true},"performance_policy":{"type":"string","description_kind":"plain","optional":true},"provisioning_type":{"type":"string","description_kind":"plain","optional":true},"size":{"type":"number","description_kind":"plain","optional":true},"snapshot_pool":{"type":"string","description_kind":"plain","optional":true},"storage_pool":{"type":"string","description_kind":"plain","optional":true},"template_version":{"type":"string","description_kind":"plain","optional":true},"volume_set":{"type":"string","description_kind":"plain","optional":true}},"description_kind":"plain"}}},"description_kind":"plain"}}},"description_kind":"plain"}}},"description_kind":"plain"}},"oneview_storage_pool":{"version":0,"block":{"attributes":{"allocated_capacity":{"type":"string","description_kind":"plain","optional":true,"computed":true},"category":{"type":"string","description_kind":"plain","optional":true,"computed":true},"description":{"type":"string","description_kind":"plain","optional":true,"computed":true},"etag":{"type":"string","description_kind":"plain","computed":true},"free_capacity":{"type":"string","description_kind":"plain","computed":true},"id":{"type":"string","description_kind":"plain","optional":true,"computed":true},"is_managed":{"type":"bool","description_kind":"plain","optional":true,"computed":true},"name":{"type":"string","description_kind":"plain","required":true},"state":{"type":"string","description_kind":"plain","optional":true,"computed":true},"status":{"type":"string","description_kind":"plain","optional":true,"computed":true},"storage_system_uri":{"type":"string","description_kind":"plain","computed":true},"total_capacity":{"type":"string","description_kind":"plain","computed":true},"type":{"type":"string","description_kind":"plain","optional":true,"computed":true},"uri":{"type":"string","description_kind":"plain","computed":true}},"block_types":{"storage_pool_device_specific_attributes":{"nesting_mode":"set","block":{"attributes":{"capacity_limit":{"type":"string","description_kind":"plain","required":true},"device_id":{"type":"string","description_kind":"plain","optional":true,"computed":true},"device_speed":{"type":"string","description_kind":"plain","required":true},"domain":{"type":"string","description_kind":"plain","optional":true,"computed":true},"is_deduplication_capable":{"type":"bool","description_kind":"plain","optional":true,"computed":true},"supported_raid_level":{"type":"string","description_kind":"plain","optional":true,"computed":true},"uuid":{"type":"string","description_kind":"plain","optional":true,"computed":true}},"description_kind":"plain"},"max_items":1}},"description_kind":"plain"}},"oneview_storage_system":{"version":0,"block":{"attributes":{"category":{"type":"string","description_kind":"plain","computed":true},"description":{"type":"string","description_kind":"plain","optional":true},"etag":{"type":"string","description_kind":"plain","optional":true},"family":{"type":"string","description_kind":"plain","optional":true},"hostname":{"type":"string","description_kind":"plain","required":true},"id":{"type":"string","description_kind":"plain","optional":true,"computed":true},"mode":{"type":"string","description_kind":"plain","computed":true},"name":{"type":"string","description_kind":"plain","optional":true},"password":{"type":"string","description_kind":"plain","optional":true},"state":{"type":"string","description_kind":"plain","optional":true},"status":{"type":"string","description_kind":"plain","computed":true},"storage_pools_uri":{"type":"string","description_kind":"plain","computed":true},"total_capacity":{"type":"string","description_kind":"plain","computed":true},"type":{"type":"string","description_kind":"plain","optional":true},"uri":{"type":"string","description_kind":"plain","optional":true},"username":{"type":"string","description_kind":"plain","optional":true}},"block_types":{"credentials":{"nesting_mode":"set","block":{"attributes":{"password":{"type":"string","description_kind":"plain","optional":true},"username":{"type":"string","description_kind":"plain","required":true}},"description_kind":"plain"},"max_items":1},"managed_pool":{"nesting_mode":"set","block":{"attributes":{"device_type":{"type":"string","description_kind":"plain","optional":true},"domain":{"type":"string","description_kind":"plain","optional":true},"free_capacity":{"type":"string","description_kind":"plain","optional":true},"name":{"type":"string","description_kind":"plain","optional":true},"raid_level":{"type":"string","description_kind":"plain","optional":true},"total_capacity":{"type":"string","description_kind":"plain","optional":true}},"description_kind":"plain"}},"ports":{"nesting_mode":"set","block":{"attributes":{"id":{"type":"string","description_kind":"plain","optional":true,"computed":true},"mode":{"type":"string","description_kind":"plain","optional":true,"computed":true},"partner_port":{"type":"string","description_kind":"plain","optional":true,"computed":true}},"description_kind":"plain"}},"storage_system_device_specific_attributes":{"nesting_mode":"set","block":{"attributes":{"firmware":{"type":"string","description_kind":"plain","optional":true},"managed_domain":{"type":"string","description_kind":"plain","optional":true},"model":{"type":"string","description_kind":"plain","optional":true}},"description_kind":"plain"}}},"description_kind":"plain"}},"oneview_storage_volume_template":{"version":0,"block":{"attributes":{"category":{"type":"string","description_kind":"plain","computed":true},"compatible_storage_systems_uri":{"type":"string","description_kind":"plain","computed":true},"description":{"type":"string","description_kind":"plain","optional":true},"etag":{"type":"string","description_kind":"plain","computed":true},"family":{"type":"string","description_kind":"plain","optional":true},"id":{"type":"string","description_kind":"plain","optional":true,"computed":true},"initial_scope_uris":{"type":["set","string"],"description_kind":"plain","optional":true},"is_root":{"type":"bool","description_kind":"plain","optional":true},"name":{"type":"string","description_kind":"plain","required":true},"root_template_uri":{"type":"string","description_kind":"plain","optional":true},"scopes_uri":{"type":"string","description_kind":"plain","computed":true},"state":{"type":"string","description_kind":"plain","computed":true},"status":{"type":"string","description_kind":"plain","computed":true},"storage_pool_uri":{"type":"string","description_kind":"plain","optional":true},"type":{"type":"string","description_kind":"plain","computed":true},"uri":{"type":"string","description_kind":"plain","computed":true},"uuid":{"type":"string","description_kind":"plain","computed":true},"version":{"type":"string","description_kind":"plain","optional":true}},"block_types":{"tp_data_protection_level":{"nesting_mode":"set","block":{"attributes":{"default":{"type":"string","description_kind":"plain","optional":true},"description":{"type":"string","description_kind":"plain","optional":true},"enum":{"type":["set","string"],"description_kind":"plain","optional":true},"format":{"type":"string","description_kind":"plain","optional":true},"max_length":{"type":"number","description_kind":"plain","optional":true},"meta_create_only":{"type":"bool","description_kind":"plain","optional":true},"meta_locked":{"type":"bool","description_kind":"plain","optional":true},"meta_semantic_type":{"type":"string","description_kind":"plain","optional":true},"min_length":{"type":"number","description_kind":"plain","optional":true},"minimum":{"type":"number","description_kind":"plain","optional":true},"required":{"type":"bool","description_kind":"plain","optional":true},"title":{"type":"string","description_kind":"plain","optional":true},"type":{"type":"string","description_kind":"plain","optional":true}},"description_kind":"plain"},"max_items":1},"tp_data_transfer_limit":{"nesting_mode":"set","block":{"attributes":{"default":{"type":"number","description_kind":"plain","optional":true},"description":{"type":"string","description_kind":"plain","optional":true},"enum":{"type":["set","string"],"description_kind":"plain","optional":true},"format":{"type":"string","description_kind":"plain","optional":true},"maximum":{"type":"number","description_kind":"plain","optional":true},"meta_create_only":{"type":"bool","description_kind":"plain","optional":true},"meta_locked":{"type":"bool","description_kind":"plain","optional":true},"meta_semantic_type":{"type":"string","description_kind":"plain","optional":true},"minimum":{"type":"number","description_kind":"plain","optional":true},"required":{"type":"bool","description_kind":"plain","optional":true},"title":{"type":"string","description_kind":"plain","optional":true},"type":{"type":"string","description_kind":"plain","optional":true}},"description_kind":"plain"},"max_items":1},"tp_description":{"nesting_mode":"set","block":{"attributes":{"default":{"type":"string","description_kind":"plain","optional":true},"description":{"type":"string","description_kind":"plain","optional":true},"enum":{"type":["set","string"],"description_kind":"plain","optional":true},"format":{"type":"string","description_kind":"plain","optional":true},"max_length":{"type":"number","description_kind":"plain","optional":true},"meta_create_only":{"type":"bool","description_kind":"plain","optional":true},"meta_locked":{"type":"bool","description_kind":"plain","optional":true},"meta_semantic_type":{"type":"string","description_kind":"plain","optional":true},"min_length":{"type":"number","description_kind":"plain","optional":true},"minimum":{"type":"number","description_kind":"plain","optional":true},"required":{"type":"bool","description_kind":"plain","optional":true},"title":{"type":"string","description_kind":"plain","optional":true},"type":{"type":"string","description_kind":"plain","optional":true}},"description_kind":"plain"},"max_items":1},"tp_folder":{"nesting_mode":"set","block":{"attributes":{"default":{"type":"string","description_kind":"plain","optional":true},"description":{"type":"string","description_kind":"plain","optional":true},"enum":{"type":["set","string"],"description_kind":"plain","optional":true},"format":{"type":"string","description_kind":"plain","optional":true},"max_length":{"type":"number","description_kind":"plain","optional":true},"meta_create_only":{"type":"bool","description_kind":"plain","optional":true},"meta_locked":{"type":"bool","description_kind":"plain","optional":true},"meta_semantic_type":{"type":"string","description_kind":"plain","optional":true},"min_length":{"type":"number","description_kind":"plain","optional":true},"minimum":{"type":"number","description_kind":"plain","optional":true},"required":{"type":"bool","description_kind":"plain","optional":true},"title":{"type":"string","description_kind":"plain","optional":true},"type":{"type":"string","description_kind":"plain","optional":true}},"description_kind":"plain"},"max_items":1},"tp_iops_limit":{"nesting_mode":"set","block":{"attributes":{"default":{"type":"number","description_kind":"plain","optional":true},"description":{"type":"string","description_kind":"plain","optional":true},"enum":{"type":["set","string"],"description_kind":"plain","optional":true},"format":{"type":"string","description_kind":"plain","optional":true},"maximum":{"type":"number","description_kind":"plain","optional":true},"meta_create_only":{"type":"bool","description_kind":"plain","optional":true},"meta_locked":{"type":"bool","description_kind":"plain","optional":true},"meta_semantic_type":{"type":"string","description_kind":"plain","optional":true},"minimum":{"type":"number","description_kind":"plain","optional":true},"required":{"type":"bool","description_kind":"plain","optional":true},"title":{"type":"string","description_kind":"plain","optional":true},"type":{"type":"string","description_kind":"plain","optional":true}},"description_kind":"plain"},"max_items":1},"tp_is_adaptive_optimization_enabled":{"nesting_mode":"set","block":{"attributes":{"default":{"type":"bool","description_kind":"plain","optional":true},"description":{"type":"string","description_kind":"plain","optional":true},"enum":{"type":["set","string"],"description_kind":"plain","optional":true},"format":{"type":"string","description_kind":"plain","optional":true},"meta_create_only":{"type":"bool","description_kind":"plain","optional":true},"meta_locked":{"type":"bool","description_kind":"plain","optional":true},"meta_semantic_type":{"type":"string","description_kind":"plain","optional":true},"required":{"type":"bool","description_kind":"plain","optional":true},"title":{"type":"string","description_kind":"plain","optional":true},"type":{"type":"string","description_kind":"plain","optional":true}},"description_kind":"plain"},"max_items":1},"tp_is_compressed":{"nesting_mode":"set","block":{"attributes":{"default":{"type":"bool","description_kind":"plain","optional":true},"description":{"type":"string","description_kind":"plain","optional":true},"enum":{"type":["set","string"],"description_kind":"plain","optional":true},"format":{"type":"string","description_kind":"plain","optional":true},"meta_create_only":{"type":"bool","description_kind":"plain","optional":true},"meta_locked":{"type":"bool","description_kind":"plain","optional":true},"meta_semantic_type":{"type":"string","description_kind":"plain","optional":true},"required":{"type":"bool","description_kind":"plain","optional":true},"title":{"type":"string","description_kind":"plain","optional":true},"type":{"type":"string","description_kind":"plain","optional":true}},"description_kind":"plain"},"max_items":1},"tp_is_deduplicated":{"nesting_mode":"set","block":{"attributes":{"default":{"type":"bool","description_kind":"plain","optional":true},"description":{"type":"string","description_kind":"plain","optional":true},"enum":{"type":["set","string"],"description_kind":"plain","optional":true},"format":{"type":"string","description_kind":"plain","optional":true},"meta_create_only":{"type":"bool","description_kind":"plain","optional":true},"meta_locked":{"type":"bool","description_kind":"plain","optional":true},"meta_semantic_type":{"type":"string","description_kind":"plain","optional":true},"required":{"type":"bool","description_kind":"plain","optional":true},"title":{"type":"string","description_kind":"plain","optional":true},"type":{"type":"string","description_kind":"plain","optional":true}},"description_kind":"plain"},"max_items":1},"tp_is_encrypted":{"nesting_mode":"set","block":{"attributes":{"default":{"type":"bool","description_kind":"plain","optional":true},"description":{"type":"string","description_kind":"plain","optional":true},"enum":{"type":["set","string"],"description_kind":"plain","optional":true},"format":{"type":"string","description_kind":"plain","optional":true},"meta_create_only":{"type":"bool","description_kind":"plain","optional":true},"meta_locked":{"type":"bool","description_kind":"plain","optional":true},"meta_semantic_type":{"type":"string","description_kind":"plain","optional":true},"required":{"type":"bool","description_kind":"plain","optional":true},"title":{"type":"string","description_kind":"plain","optional":true},"type":{"type":"string","description_kind":"plain","optional":true}},"description_kind":"plain"},"max_items":1},"tp_is_pinned":{"nesting_mode":"set","block":{"attributes":{"default":{"type":"bool","description_kind":"plain","optional":true},"description":{"type":"string","description_kind":"plain","optional":true},"enum":{"type":["set","string"],"description_kind":"plain","optional":true},"format":{"type":"string","description_kind":"plain","optional":true},"meta_create_only":{"type":"bool","description_kind":"plain","optional":true},"meta_locked":{"type":"bool","description_kind":"plain","optional":true},"meta_semantic_type":{"type":"string","description_kind":"plain","optional":true},"required":{"type":"bool","description_kind":"plain","optional":true},"title":{"type":"string","description_kind":"plain","optional":true},"type":{"type":"string","description_kind":"plain","optional":true}},"description_kind":"plain"},"max_items":1},"tp_is_shareable":{"nesting_mode":"set","block":{"attributes":{"default":{"type":"bool","description_kind":"plain","optional":true},"description":{"type":"string","description_kind":"plain","optional":true},"enum":{"type":["set","string"],"description_kind":"plain","optional":true},"format":{"type":"string","description_kind":"plain","optional":true},"meta_create_only":{"type":"bool","description_kind":"plain","optional":true},"meta_locked":{"type":"bool","description_kind":"plain","optional":true},"meta_semantic_type":{"type":"string","description_kind":"plain","optional":true},"required":{"type":"bool","description_kind":"plain","optional":true},"title":{"type":"string","description_kind":"plain","optional":true},"type":{"type":"string","description_kind":"plain","optional":true}},"description_kind":"plain"},"max_items":1},"tp_name":{"nesting_mode":"set","block":{"attributes":{"default":{"type":"string","description_kind":"plain","optional":true},"description":{"type":"string","description_kind":"plain","optional":true},"enum":{"type":["set","string"],"description_kind":"plain","optional":true},"format":{"type":"string","description_kind":"plain","optional":true},"max_length":{"type":"number","description_kind":"plain","optional":true},"meta_create_only":{"type":"bool","description_kind":"plain","optional":true},"meta_locked":{"type":"bool","description_kind":"plain","optional":true},"meta_semantic_type":{"type":"string","description_kind":"plain","optional":true},"min_length":{"type":"number","description_kind":"plain","optional":true},"minimum":{"type":"number","description_kind":"plain","optional":true},"required":{"type":"bool","description_kind":"plain","optional":true},"title":{"type":"string","description_kind":"plain","optional":true},"type":{"type":"string","description_kind":"plain","optional":true}},"description_kind":"plain"},"max_items":1},"tp_performance_policy":{"nesting_mode":"set","block":{"attributes":{"default":{"type":"string","description_kind":"plain","optional":true},"description":{"type":"string","description_kind":"plain","optional":true},"enum":{"type":["set","string"],"description_kind":"plain","optional":true},"format":{"type":"string","description_kind":"plain","optional":true},"max_length":{"type":"number","description_kind":"plain","optional":true},"meta_create_only":{"type":"bool","description_kind":"plain","optional":true},"meta_locked":{"type":"bool","description_kind":"plain","optional":true},"meta_semantic_type":{"type":"string","description_kind":"plain","optional":true},"min_length":{"type":"number","description_kind":"plain","optional":true},"minimum":{"type":"number","description_kind":"plain","optional":true},"required":{"type":"bool","description_kind":"plain","optional":true},"title":{"type":"string","description_kind":"plain","optional":true},"type":{"type":"string","description_kind":"plain","optional":true}},"description_kind":"plain"},"max_items":1},"tp_provisioning_type":{"nesting_mode":"set","block":{"attributes":{"default":{"type":"string","description_kind":"plain","optional":true},"description":{"type":"string","description_kind":"plain","optional":true},"enum":{"type":["set","string"],"description_kind":"plain","optional":true},"format":{"type":"string","description_kind":"plain","optional":true},"max_length":{"type":"number","description_kind":"plain","optional":true},"meta_create_only":{"type":"bool","description_kind":"plain","optional":true},"meta_locked":{"type":"bool","description_kind":"plain","optional":true},"meta_semantic_type":{"type":"string","description_kind":"plain","optional":true},"min_length":{"type":"number","description_kind":"plain","optional":true},"minimum":{"type":"number","description_kind":"plain","optional":true},"required":{"type":"bool","description_kind":"plain","optional":true},"title":{"type":"string","description_kind":"plain","optional":true},"type":{"type":"string","description_kind":"plain","optional":true}},"description_kind":"plain"},"max_items":1},"tp_size":{"nesting_mode":"set","block":{"attributes":{"default":{"type":"number","description_kind":"plain","optional":true},"description":{"type":"string","description_kind":"plain","optional":true},"enum":{"type":["set","string"],"description_kind":"plain","optional":true},"format":{"type":"string","description_kind":"plain","optional":true},"maximum":{"type":"number","description_kind":"plain","optional":true},"meta_create_only":{"type":"bool","description_kind":"plain","optional":true},"meta_locked":{"type":"bool","description_kind":"plain","optional":true},"meta_semantic_type":{"type":"string","description_kind":"plain","optional":true},"minimum":{"type":"number","description_kind":"plain","optional":true},"required":{"type":"bool","description_kind":"plain","optional":true},"title":{"type":"string","description_kind":"plain","optional":true},"type":{"type":"string","description_kind":"plain","optional":true}},"description_kind":"plain"}},"tp_snapshot_pool":{"nesting_mode":"set","block":{"attributes":{"default":{"type":"string","description_kind":"plain","optional":true},"description":{"type":"string","description_kind":"plain","optional":true},"enum":{"type":["set","string"],"description_kind":"plain","optional":true},"format":{"type":"string","description_kind":"plain","optional":true},"max_length":{"type":"number","description_kind":"plain","optional":true},"meta_create_only":{"type":"bool","description_kind":"plain","optional":true},"meta_locked":{"type":"bool","description_kind":"plain","optional":true},"meta_semantic_type":{"type":"string","description_kind":"plain","optional":true},"min_length":{"type":"number","description_kind":"plain","optional":true},"minimum":{"type":"number","description_kind":"plain","optional":true},"required":{"type":"bool","description_kind":"plain","optional":true},"title":{"type":"string","description_kind":"plain","optional":true},"type":{"type":"string","description_kind":"plain","optional":true}},"description_kind":"plain"},"max_items":1},"tp_storage_pool":{"nesting_mode":"set","block":{"attributes":{"default":{"type":"string","description_kind":"plain","optional":true},"description":{"type":"string","description_kind":"plain","optional":true},"enum":{"type":["set","string"],"description_kind":"plain","optional":true},"format":{"type":"string","description_kind":"plain","optional":true},"max_length":{"type":"number","description_kind":"plain","optional":true},"meta_create_only":{"type":"bool","description_kind":"plain","optional":true},"meta_locked":{"type":"bool","description_kind":"plain","optional":true},"meta_semantic_type":{"type":"string","description_kind":"plain","optional":true},"min_length":{"type":"number","description_kind":"plain","optional":true},"minimum":{"type":"number","description_kind":"plain","optional":true},"required":{"type":"bool","description_kind":"plain","optional":true},"title":{"type":"string","description_kind":"plain","optional":true},"type":{"type":"string","description_kind":"plain","optional":true}},"description_kind":"plain"},"max_items":1},"tp_template_version":{"nesting_mode":"set","block":{"attributes":{"default":{"type":"string","description_kind":"plain","optional":true},"description":{"type":"string","description_kind":"plain","optional":true},"enum":{"type":["set","string"],"description_kind":"plain","optional":true},"format":{"type":"string","description_kind":"plain","optional":true},"max_length":{"type":"number","description_kind":"plain","optional":true},"meta_create_only":{"type":"bool","description_kind":"plain","optional":true},"meta_locked":{"type":"bool","description_kind":"plain","optional":true},"meta_semantic_type":{"type":"string","description_kind":"plain","optional":true},"min_length":{"type":"number","description_kind":"plain","optional":true},"minimum":{"type":"number","description_kind":"plain","optional":true},"required":{"type":"bool","description_kind":"plain","optional":true},"title":{"type":"string","description_kind":"plain","optional":true},"type":{"type":"string","description_kind":"plain","optional":true}},"description_kind":"plain"},"max_items":1},"tp_volume_set":{"nesting_mode":"set","block":{"attributes":{"default":{"type":"string","description_kind":"plain","optional":true},"description":{"type":"string","description_kind":"plain","optional":true},"enum":{"type":["set","string"],"description_kind":"plain","optional":true},"format":{"type":"string","description_kind":"plain","optional":true},"max_length":{"type":"number","description_kind":"plain","optional":true},"meta_create_only":{"type":"bool","description_kind":"plain","optional":true},"meta_locked":{"type":"bool","description_kind":"plain","optional":true},"meta_semantic_type":{"type":"string","description_kind":"plain","optional":true},"min_length":{"type":"number","description_kind":"plain","optional":true},"minimum":{"type":"number","description_kind":"plain","optional":true},"required":{"type":"bool","description_kind":"plain","optional":true},"title":{"type":"string","description_kind":"plain","optional":true},"type":{"type":"string","description_kind":"plain","optional":true}},"description_kind":"plain"},"max_items":1}},"description_kind":"plain"}},"oneview_task":{"version":0,"block":{"attributes":{"associated_resources":{"type":["set",["object",{"association_type":"string","resource_category":"string","resource_name":"string","resource_uri":"string"}]],"description_kind":"plain","computed":true},"associated_task_uri":{"type":"string","description_kind":"plain","computed":true},"category":{"type":"string","description_kind":"plain","computed":true},"completed_steps":{"type":"number","description_kind":"plain","computed":true},"computed_percent_complete":{"type":"number","description_kind":"plain","computed":true},"created":{"type":"number","description_kind":"plain","computed":true},"data":{"type":["set",["object",{"task_category":"string"}]],"description_kind":"plain","computed":true},"etag":{"type":"string","description_kind":"plain","computed":true},"expected_duration":{"type":"number","description_kind":"plain","computed":true},"hidden":{"type":"bool","description_kind":"plain","computed":true},"id":{"type":"string","description_kind":"plain","optional":true,"computed":true},"is_cancellable":{"type":"bool","description_kind":"plain","computed":true},"modified":{"type":"string","description_kind":"plain","computed":true},"name":{"type":"string","description_kind":"plain","computed":true},"owner":{"type":"string","description_kind":"plain","computed":true},"parent_task_uri":{"type":"string","description_kind":"plain","computed":true},"percent_complete":{"type":"number","description_kind":"plain","computed":true},"progress_updates":{"type":["set",["object",{"id":"number","status_update":"string","time_stamp":"string"}]],"description_kind":"plain","computed":true},"state_reason":{"type":"string","description_kind":"plain","computed":true},"task_errors":{"type":["set",["object",{"details":"string","error_code":"string","error_source":"string","message":"string"}]],"description_kind":"plain","computed":true},"task_id":{"type":"string","description_kind":"plain","optional":true},"task_is_done":{"type":"bool","description_kind":"plain","computed":true},"task_state":{"type":"string","description_kind":"plain","computed":true},"task_status":{"type":"string","description_kind":"plain","computed":true},"task_type":{"type":"string","description_kind":"plain","computed":true},"timeout":{"type":"number","description_kind":"plain","computed":true},"total_steps":{"type":"number","description_kind":"plain","computed":true},"type":{"type":"string","description_kind":"plain","computed":true},"uri":{"type":"string","description_kind":"plain","required":true},"user":{"type":"string","description_kind":"plain","computed":true},"user_initiated":{"type":"bool","description_kind":"plain","computed":true},"wait_time":{"type":"number","description_kind":"plain","computed":true}},"description_kind":"plain"}},"oneview_uplink_set":{"version":0,"block":{"attributes":{"connection_mode":{"type":"string","description_kind":"plain","required":true},"description":{"type":"string","description_kind":"plain","optional":true},"etag":{"type":"string","description_kind":"plain","computed":true},"ethernet_network_type":{"type":"string","description_kind":"plain","required":true},"fc_mode":{"type":"string","description_kind":"plain","computed":true},"fc_network_uris":{"type":["set","string"],"description_kind":"plain","required":true},"fcoe_network_uris":{"type":["set","string"],"description_kind":"plain","required":true},"id":{"type":"string","description_kind":"plain","optional":true,"computed":true},"lacptimer":{"type":"string","description_kind":"plain","computed":true},"logical_interconnect_uri":{"type":"string","description_kind":"plain","required":true},"manual_login_redistribution_state":{"type":"string","description_kind":"plain","required":true},"name":{"type":"string","description_kind":"plain","required":true},"native_network_uri":{"type":"string","description_kind":"plain","computed":true},"network_type":{"type":"string","description_kind":"plain","required":true},"network_uris":{"type":["set","string"],"description_kind":"plain","required":true},"reachability":{"type":"string","description_kind":"plain","computed":true},"type":{"type":"string","description_kind":"plain","optional":true},"uri":{"type":"string","description_kind":"plain","optional":true}},"block_types":{"port_config_infos":{"nesting_mode":"set","block":{"attributes":{"bay_number":{"type":"string","description_kind":"plain","optional":true},"desired_speed":{"type":"string","description_kind":"plain","optional":true},"enclosure_uri":{"type":"string","description_kind":"plain","optional":true},"port_number":{"type":"string","description_kind":"plain","optional":true},"port_uri":{"type":"string","description_kind":"plain","optional":true},"remote_chassis_id":{"type":"string","description_kind":"plain","optional":true},"remote_port_id":{"type":"string","description_kind":"plain","optional":true}},"description_kind":"plain"}}},"description_kind":"plain"}},"oneview_volume":{"version":0,"block":{"attributes":{"allocated_capacity":{"type":"string","description_kind":"plain","computed":true},"category":{"type":"string","description_kind":"plain","computed":true},"description":{"type":"string","description_kind":"plain","optional":true,"computed":true},"device_specific_attributes":{"type":["set",["object",{"copy_state":"string","is_compressed":"bool","is_deduplicated":"bool","snapshot_pool_uri":"string"}]],"description_kind":"plain","computed":true},"device_volume_name":{"type":"string","description_kind":"plain","computed":true},"etag":{"type":"string","description_kind":"plain","computed":true},"id":{"type":"string","description_kind":"plain","optional":true,"computed":true},"initial_scope_uris":{"type":["set","string"],"description_kind":"plain","optional":true},"is_permanent":{"type":"bool","description_kind":"plain","optional":true,"computed":true},"is_shareable":{"type":"bool","description_kind":"plain","computed":true},"name":{"type":"string","description_kind":"plain","required":true},"provisioned_capacity":{"type":"string","description_kind":"plain","optional":true},"provisioning_type":{"type":"string","description_kind":"plain","computed":true},"requesting_refresh":{"type":"bool","description_kind":"plain","optional":true},"state":{"type":"string","description_kind":"plain","computed":true},"status":{"type":"string","description_kind":"plain","computed":true},"storage_pool_uri":{"type":"string","description_kind":"plain","computed":true},"template_name":{"type":"string","description_kind":"plain","optional":true},"template_uri":{"type":"string","description_kind":"plain","optional":true},"template_version":{"type":"string","description_kind":"plain","computed":true},"type":{"type":"string","description_kind":"plain","computed":true},"uri":{"type":"string","description_kind":"plain","computed":true},"volume_template_uri":{"type":"string","description_kind":"plain","optional":true,"computed":true}},"block_types":{"properties":{"nesting_mode":"set","block":{"attributes":{"data_protection_level":{"type":"string","description_kind":"plain","optional":true},"data_transfer_limit":{"type":"number","description_kind":"plain","optional":true},"is_compressed":{"type":"bool","description_kind":"plain","optional":true},"is_deduplicated":{"type":"bool","description_kind":"plain","optional":true},"is_encrypted":{"type":"bool","description_kind":"plain","optional":true},"is_pinned":{"type":"bool","description_kind":"plain","optional":true},"name":{"type":"string","description_kind":"plain","optional":true,"computed":true},"provisioning_type":{"type":"string","description_kind":"plain","optional":true},"size":{"type":"number","description_kind":"plain","optional":true},"storage_pool":{"type":"string","description_kind":"plain","optional":true}},"description_kind":"plain"}}},"description_kind":"plain"}}},"data_source_schemas":{"oneview_appliance_snmp_v1_trap_destinations":{"version":0,"block":{"attributes":{"community_string":{"type":"string","description_kind":"plain","computed":true},"destination":{"type":"string","description_kind":"plain","computed":true},"destination_id":{"type":"string","description_kind":"plain","required":true},"id":{"type":"string","description_kind":"plain","optional":true,"computed":true},"port":{"type":"number","description_kind":"plain","computed":true},"uri":{"type":"string","description_kind":"plain","computed":true}},"description_kind":"plain"}},"oneview_appliance_snmpv3_trap_destinations":{"version":0,"block":{"attributes":{"category":{"type":"string","description_kind":"plain","computed":true},"created":{"type":"string","description_kind":"plain","computed":true},"destination_address":{"type":"string","description_kind":"plain","computed":true},"engine_id":{"type":"string","description_kind":"plain","computed":true},"etag":{"type":"string","description_kind":"plain","computed":true},"id":{"type":"string","description_kind":"plain","optional":true,"computed":true},"id_field":{"type":"string","description_kind":"plain","required":true},"modified":{"type":"string","description_kind":"plain","computed":true},"port":{"type":"number","description_kind":"plain","computed":true},"trap_type":{"type":"string","description_kind":"plain","computed":true},"type":{"type":"string","description_kind":"plain","computed":true},"uri":{"type":"string","description_kind":"plain","computed":true},"user_id":{"type":"string","description_kind":"plain","computed":true},"user_uri":{"type":"string","description_kind":"plain","computed":true}},"description_kind":"plain"}},"oneview_appliance_snmpv3_user":{"version":0,"block":{"attributes":{"authentication_passphrase":{"type":"string","description_kind":"plain","computed":true},"authentication_protocol":{"type":"string","description_kind":"plain","computed":true},"category":{"type":"string","description_kind":"plain","computed":true},"created":{"type":"string","description_kind":"plain","computed":true},"etag":{"type":"string","description_kind":"plain","computed":true},"id":{"type":"string","description_kind":"plain","optional":true,"computed":true},"modified":{"type":"string","description_kind":"plain","computed":true},"privacy_passphrase":{"type":"string","description_kind":"plain","computed":true},"privacy_protocol":{"type":"string","description_kind":"plain","computed":true},"security_level":{"type":"string","description_kind":"plain","computed":true},"type":{"type":"string","description_kind":"plain","computed":true},"uri":{"type":"string","description_kind":"plain","computed":true},"user_id":{"type":"string","description_kind":"plain","computed":true},"user_name":{"type":"string","description_kind":"plain","optional":true,"computed":true}},"description_kind":"plain"}},"oneview_appliance_ssh_access":{"version":0,"block":{"attributes":{"allow_ssh_access":{"type":"bool","description_kind":"plain","computed":true},"category":{"type":"string","description_kind":"plain","computed":true},"created":{"type":"string","description_kind":"plain","computed":true},"etag":{"type":"string","description_kind":"plain","computed":true},"id":{"type":"string","description_kind":"plain","optional":true,"computed":true},"modified":{"type":"string","description_kind":"plain","computed":true},"type":{"type":"string","description_kind":"plain","computed":true},"uri":{"type":"string","description_kind":"plain","computed":true}},"description_kind":"plain"}},"oneview_appliance_time_and_locale":{"version":0,"block":{"attributes":{"category":{"type":"string","description_kind":"plain","computed":true},"created":{"type":"string","description_kind":"plain","computed":true},"date_time":{"type":"string","description_kind":"plain","computed":true},"etag":{"type":"string","description_kind":"plain","computed":true},"id":{"type":"string","description_kind":"plain","optional":true,"computed":true},"locale":{"type":"string","description_kind":"plain","computed":true},"locale_displayname":{"type":"string","description_kind":"plain","computed":true},"modified":{"type":"string","description_kind":"plain","computed":true},"ntp_servers":{"type":["set","string"],"description_kind":"plain","computed":true},"polling_interval":{"type":"string","description_kind":"plain","computed":true},"timezone":{"type":"string","description_kind":"plain","computed":true},"type":{"type":"string","description_kind":"plain","computed":true},"uri":{"type":"string","description_kind":"plain","computed":true}},"description_kind":"plain"}},"oneview_connection_templates":{"version":0,"block":{"attributes":{"bandwidth":{"type":["set",["object",{"maximum_bandwidth":"number","typical_bandwidth":"number"}]],"description_kind":"plain","computed":true},"category":{"type":"string","description_kind":"plain","computed":true},"created":{"type":"string","description_kind":"plain","computed":true},"description":{"type":"string","description_kind":"plain","computed":true},"etag":{"type":"string","description_kind":"plain","computed":true},"id":{"type":"string","description_kind":"plain","optional":true,"computed":true},"modified":{"type":"string","description_kind":"plain","computed":true},"name":{"type":"string","description_kind":"plain","optional":true,"computed":true},"state":{"type":"string","description_kind":"plain","computed":true},"status":{"type":"string","description_kind":"plain","computed":true},"type":{"type":"string","description_kind":"plain","computed":true},"uri":{"type":"string","description_kind":"plain","optional":true,"computed":true}},"description_kind":"plain"}},"oneview_deployment_plan":{"version":0,"block":{"attributes":{"category":{"type":"string","description_kind":"plain","computed":true},"custom_attributes":{"type":["set",["object",{"constraints":"string","description":"string","editable":"bool","id":"string","name":"string","type":"string","value":"string","visible":"bool"}]],"description_kind":"plain","computed":true},"description":{"type":"string","description_kind":"plain","computed":true},"dp_id":{"type":"string","description_kind":"plain","computed":true},"etag":{"type":"string","description_kind":"plain","computed":true},"golden_image_uri":{"type":"string","description_kind":"plain","computed":true},"hp_provided":{"type":"bool","description_kind":"plain","computed":true},"id":{"type":"string","description_kind":"plain","optional":true,"computed":true},"name":{"type":"string","description_kind":"plain","required":true},"oe_build_plan_uri":{"type":"string","description_kind":"plain","computed":true},"status":{"type":"string","description_kind":"plain","computed":true},"type":{"type":"string","description_kind":"plain","computed":true},"uri":{"type":"string","description_kind":"plain","computed":true}},"description_kind":"plain"}},"oneview_enclosure":{"version":0,"block":{"attributes":{"active_oa_preferred_ip":{"type":"string","description_kind":"plain","computed":true},"asset_tag":{"type":"string","description_kind":"plain","computed":true},"category":{"type":"string","description_kind":"plain","computed":true},"description":{"type":"string","description_kind":"plain","computed":true},"device_bay_count":{"type":"number","description_kind":"plain","computed":true},"device_bays":{"type":["set",["object",{"available_for_full_height_profile":"bool","available_for_half_height_profile":"bool","bay_number":"number","category":"string","covered_by_device":"string","covered_by_profile":"string","created":"string","device_presence":"string","device_uri":"string","enclosure_uri":"string","etag":"string","model":"string","profile_uri":"string","type":"string","uri":"string"}]],"description_kind":"plain","computed":true},"enclosure_group_uri":{"type":"string","description_kind":"plain","computed":true},"enclosure_type":{"type":"string","description_kind":"plain","computed":true},"etag":{"type":"string","description_kind":"plain","computed":true},"firmware_baseline_uri":{"type":"string","description_kind":"plain","computed":true},"force":{"type":"bool","description_kind":"plain","computed":true},"force_install_firmware":{"type":"bool","description_kind":"plain","computed":true},"fw_baseline_name":{"type":"string","description_kind":"plain","computed":true},"fw_baseline_uri":{"type":"string","description_kind":"plain","computed":true},"host_name":{"type":"string","description_kind":"plain","computed":true},"id":{"type":"string","description_kind":"plain","optional":true,"computed":true},"initial_scope_uris":{"type":["set","string"],"description_kind":"plain","computed":true},"interconnect_bay_count":{"type":"number","description_kind":"plain","computed":true},"interconnect_bays":{"type":["set",["object",{"interconnect_bay":"number","logical_interconnect_group_uri":"string"}]],"description_kind":"plain","computed":true},"is_fw_managed":{"type":"bool","description_kind":"plain","computed":true},"licensing_intent":{"type":"string","description_kind":"plain","computed":true},"modified":{"type":"string","description_kind":"plain","computed":true},"name":{"type":"string","description_kind":"plain","required":true},"op":{"type":"string","description_kind":"plain","computed":true},"part_number":{"type":"string","description_kind":"plain","computed":true},"password":{"type":"string","description_kind":"plain","computed":true},"path":{"type":"string","description_kind":"plain","computed":true},"rack_name":{"type":"string","description_kind":"plain","computed":true},"refresh_state":{"type":"string","description_kind":"plain","computed":true},"scope_uris":{"type":"string","description_kind":"plain","computed":true},"serial_number":{"type":"string","description_kind":"plain","computed":true},"standby_oa_preferred_ip":{"type":"string","description_kind":"plain","computed":true},"state":{"type":"string","description_kind":"plain","computed":true},"state_reason":{"type":"string","description_kind":"plain","computed":true},"status":{"type":"string","description_kind":"plain","computed":true},"type":{"type":"string","description_kind":"plain","computed":true},"update_firmware_on":{"type":"string","description_kind":"plain","computed":true},"uri":{"type":"string","description_kind":"plain","computed":true},"user_name":{"type":"string","description_kind":"plain","computed":true},"uuid":{"type":"string","description_kind":"plain","computed":true},"value":{"type":"string","description_kind":"plain","computed":true},"vcm_domain_id":{"type":"string","description_kind":"plain","computed":true},"vcm_domain_name":{"type":"string","description_kind":"plain","computed":true},"vcm_mode":{"type":"string","description_kind":"plain","computed":true},"vcm_url":{"type":"string","description_kind":"plain","computed":true}},"description_kind":"plain"}},"oneview_enclosure_group":{"version":0,"block":{"attributes":{"ambient_temperature_mode":{"type":"string","description_kind":"plain","computed":true},"associated_logical_interconnect_groups":{"type":["set","string"],"description_kind":"plain","computed":true},"category":{"type":"string","description_kind":"plain","computed":true},"description":{"type":"string","description_kind":"plain","computed":true},"enclosure_count":{"type":"number","description_kind":"plain","computed":true},"enclosure_type_uri":{"type":"string","description_kind":"plain","computed":true},"etag":{"type":"string","description_kind":"plain","computed":true},"id":{"type":"string","description_kind":"plain","optional":true,"computed":true},"initial_scope_uris":{"type":["set","string"],"description_kind":"plain","computed":true},"interconnect_bay_mapping_count":{"type":"number","description_kind":"plain","computed":true},"interconnect_bay_mappings":{"type":["set",["object",{"enclosure_index":"number","interconnect_bay":"number","logical_interconnect_group_uri":"string"}]],"description_kind":"plain","computed":true},"ip_addressing_mode":{"type":"string","description_kind":"plain","computed":true},"ip_range_uris":{"type":["set","string"],"description_kind":"plain","computed":true},"name":{"type":"string","description_kind":"plain","required":true},"port_mapping_count":{"type":"number","description_kind":"plain","computed":true},"port_mappings":{"type":["set",["object",{"interconnect_bay":"number","mid_plane_port":"number"}]],"description_kind":"plain","computed":true},"power_mode":{"type":"string","description_kind":"plain","computed":true},"scopes_uri":{"type":"string","description_kind":"plain","computed":true},"stacking_mode":{"type":"string","description_kind":"plain","computed":true},"status":{"type":"string","description_kind":"plain","computed":true},"type":{"type":"string","description_kind":"plain","computed":true},"uri":{"type":"string","description_kind":"plain","computed":true}},"description_kind":"plain"}},"oneview_ethernet_network":{"version":0,"block":{"attributes":{"category":{"type":"string","description_kind":"plain","computed":true},"connection_template_uri":{"type":"string","description_kind":"plain","computed":true},"created":{"type":"string","description_kind":"plain","computed":true},"etag":{"type":"string","description_kind":"plain","computed":true},"ethernet_network_type":{"type":"string","description_kind":"plain","computed":true},"fabric_uri":{"type":"string","description_kind":"plain","computed":true},"id":{"type":"string","description_kind":"plain","optional":true,"computed":true},"initial_scope_uris":{"type":["set","string"],"description_kind":"plain","computed":true},"modified":{"type":"string","description_kind":"plain","computed":true},"name":{"type":"string","description_kind":"plain","required":true},"private_network":{"type":"bool","description_kind":"plain","computed":true},"purpose":{"type":"string","description_kind":"plain","computed":true},"scopesuri":{"type":"string","description_kind":"plain","computed":true},"smart_link":{"type":"bool","description_kind":"plain","computed":true},"state":{"type":"string","description_kind":"plain","computed":true},"status":{"type":"string","description_kind":"plain","computed":true},"type":{"type":"string","description_kind":"plain","computed":true},"uri":{"type":"string","description_kind":"plain","computed":true},"vlan_id":{"type":"number","description_kind":"plain","computed":true}},"block_types":{"bandwidth":{"nesting_mode":"list","block":{"attributes":{"maximum_bandwidth":{"type":"number","description_kind":"plain","optional":true,"computed":true},"typical_bandwidth":{"type":"number","description_kind":"plain","optional":true,"computed":true}},"description_kind":"plain"}}},"description_kind":"plain"}},"oneview_fc_network":{"version":0,"block":{"attributes":{"auto_login_redistribution":{"type":"bool","description_kind":"plain","computed":true},"category":{"type":"string","description_kind":"plain","computed":true},"connection_template_uri":{"type":"string","description_kind":"plain","computed":true},"created":{"type":"string","description_kind":"plain","computed":true},"etag":{"type":"string","description_kind":"plain","computed":true},"fabric_type":{"type":"string","description_kind":"plain","computed":true},"id":{"type":"string","description_kind":"plain","optional":true,"computed":true},"link_stability_time":{"type":"number","description_kind":"plain","computed":true},"managed_san_uri":{"type":"string","description_kind":"plain","computed":true},"modified":{"type":"string","description_kind":"plain","computed":true},"name":{"type":"string","description_kind":"plain","required":true},"scopesuri":{"type":"string","description_kind":"plain","computed":true},"state":{"type":"string","description_kind":"plain","computed":true},"status":{"type":"string","description_kind":"plain","computed":true},"type":{"type":"string","description_kind":"plain","computed":true},"uri":{"type":"string","description_kind":"plain","computed":true}},"block_types":{"bandwidth":{"nesting_mode":"list","block":{"attributes":{"maximum_bandwidth":{"type":"number","description_kind":"plain","optional":true,"computed":true},"typical_bandwidth":{"type":"number","description_kind":"plain","optional":true,"computed":true}},"description_kind":"plain"}}},"description_kind":"plain"}},"oneview_fcoe_network":{"version":0,"block":{"attributes":{"category":{"type":"string","description_kind":"plain","computed":true},"connection_template_uri":{"type":"string","description_kind":"plain","computed":true},"created":{"type":"string","description_kind":"plain","computed":true},"etag":{"type":"string","description_kind":"plain","computed":true},"fabric_uri":{"type":"string","description_kind":"plain","computed":true},"id":{"type":"string","description_kind":"plain","optional":true,"computed":true},"managed_san_uri":{"type":"string","description_kind":"plain","computed":true},"modified":{"type":"string","description_kind":"plain","computed":true},"name":{"type":"string","description_kind":"plain","required":true},"scopesuri":{"type":"string","description_kind":"plain","computed":true},"state":{"type":"string","description_kind":"plain","computed":true},"status":{"type":"string","description_kind":"plain","computed":true},"type":{"type":"string","description_kind":"plain","computed":true},"uri":{"type":"string","description_kind":"plain","computed":true},"vlan_id":{"type":"number","description_kind":"plain","computed":true}},"block_types":{"bandwidth":{"nesting_mode":"list","block":{"attributes":{"maximum_bandwidth":{"type":"number","description_kind":"plain","optional":true,"computed":true},"typical_bandwidth":{"type":"number","description_kind":"plain","optional":true,"computed":true}},"description_kind":"plain"}}},"description_kind":"plain"}},"oneview_firmware_drivers":{"version":0,"block":{"attributes":{"baseline_short_name":{"type":"string","description_kind":"plain","computed":true},"bundle_size":{"type":"number","description_kind":"plain","computed":true},"bundle_type":{"type":"string","description_kind":"plain","computed":true},"category":{"type":"string","description_kind":"plain","computed":true},"created":{"type":"string","description_kind":"plain","computed":true},"description":{"type":"string","description_kind":"plain","computed":true},"esxi_os_driver_meta_data":{"type":["set","string"],"description_kind":"plain","computed":true},"etag":{"type":"string","description_kind":"plain","computed":true},"fw_components":{"type":["set",["object",{"component_version":"string","file_name":"string","name":"string","sw_key_name_list":["set","string"]}]],"description_kind":"plain","computed":true},"hotfixes":{"type":["set",["object",{"hotfix_name":"string","release_data":"string","resource_id":"string"}]],"description_kind":"plain","computed":true},"hpsum_version":{"type":"string","description_kind":"plain","computed":true},"id":{"type":"string","description_kind":"plain","required":true},"iso_file_name":{"type":"string","description_kind":"plain","computed":true},"last_task_uri":{"type":"string","description_kind":"plain","computed":true},"locations":{"type":["map","string"],"description_kind":"plain","computed":true},"mirror_list":{"type":["map",["list","string"]],"description_kind":"plain","computed":true},"modified":{"type":"string","description_kind":"plain","computed":true},"name":{"type":"string","description_kind":"plain","computed":true},"parent_bundle":{"type":["set",["object",{"parent_bundle_name":"string","release_data":"string","version":"string"}]],"description_kind":"plain","computed":true},"release_data":{"type":"string","description_kind":"plain","computed":true},"resource_id":{"type":"string","description_kind":"plain","computed":true},"resource_state":{"type":"string","description_kind":"plain","computed":true},"scope_uri":{"type":"string","description_kind":"plain","computed":true},"signature_file_name":{"type":"string","description_kind":"plain","computed":true},"signature_file_required":{"type":"string","description_kind":"plain","computed":true},"state":{"type":"string","description_kind":"plain","computed":true},"status":{"type":"string","description_kind":"plain","computed":true},"supported_languages":{"type":"string","description_kind":"plain","computed":true},"supported_os_list":{"type":["set","string"],"description_kind":"plain","computed":true},"sw_packages_full_path":{"type":"string","description_kind":"plain","computed":true},"type":{"type":"string","description_kind":"plain","computed":true},"uri":{"type":"string","description_kind":"plain","computed":true},"uuid":{"type":"string","description_kind":"plain","computed":true},"version":{"type":"string","description_kind":"plain","computed":true},"xml_key_name":{"type":"string","description_kind":"plain","computed":true}},"description_kind":"plain"}},"oneview_hypervisor_cluster_profile":{"version":0,"block":{"attributes":{"add_host_requests":{"type":["set","string"],"description_kind":"plain","computed":true},"category":{"type":"string","description_kind":"plain","computed":true},"compliance_state":{"type":"string","description_kind":"plain","computed":true},"created":{"type":"string","description_kind":"plain","computed":true},"description":{"type":"string","description_kind":"plain","computed":true},"e_tag":{"type":"string","description_kind":"plain","computed":true},"hypervisor_cluster_settings":{"type":["set",["object",{"distributed_switch_usage":"string","distributed_switch_version":"string","drs_enabled":"bool","ha_enabled":"bool","multi_nic_v_motion":"bool","type":"string","virtual_switch_type":"string"}]],"description_kind":"plain","computed":true},"hypervisor_cluster_uri":{"type":"string","description_kind":"plain","computed":true},"hypervisor_host_profile_template":{"type":["set",["object",{"deployment_manager_type":"string","deployment_plan":["list",["object",{"deployment_custom_args":["list","string"],"deployment_plan_description":"string","deployment_plan_uri":"string","name":"string","server_password":"string"}]],"host_config_policy":["list",["object",{"leave_host_in_maintenance":"bool","use_host_prefix_as_hostname":"bool","use_hostname_to_register":"bool"}]],"host_prefix":"string","server_profile_template_uri":"string","virtual_switch_config_policy":["list",["object",{"configure_port_group":"bool","custom_virtual_switches":"bool","manage_virtual_switches":"bool"}]],"virtual_switches":["list",["object",{"action":"string","name":"string","network_uris":["list","string"],"version":"string","virtual_switch_port_groups":["list",["object",{"action":"string","name":"string","network_uris":["list","string"],"virtual_switch_ports":["list",["object",{"action":"string","dhcp":"bool","ip_address":"string","subnet_mask":"string","virtual_port_purpose":["list","string"]}]],"vlan":"string"}]],"virtual_switch_type":"string","virtual_switch_uplinks":["list",["object",{"action":"string","active":"bool","mac":"string","name":"string","vmnic":"string"}]]}]]}]],"description_kind":"plain","computed":true},"hypervisor_host_profile_uris":{"type":"string","description_kind":"plain","computed":true},"hypervisor_manager_uri":{"type":"string","description_kind":"plain","computed":true},"hypervisor_type":{"type":"string","description_kind":"plain","computed":true},"id":{"type":"string","description_kind":"plain","optional":true,"computed":true},"ip_pools":{"type":["set","string"],"description_kind":"plain","computed":true},"mgmt_ip_settings_override":{"type":"string","description_kind":"plain","computed":true},"modified":{"type":"string","description_kind":"plain","computed":true},"name":{"type":"string","description_kind":"plain","required":true},"path":{"type":"string","description_kind":"plain","computed":true},"refresh_state":{"type":"string","description_kind":"plain","computed":true},"scopes_uri":{"type":"string","description_kind":"plain","computed":true},"state":{"type":"string","description_kind":"plain","computed":true},"state_reason":{"type":"string","description_kind":"plain","computed":true},"status":{"type":"string","description_kind":"plain","computed":true},"type":{"type":"string","description_kind":"plain","computed":true},"uri":{"type":"string","description_kind":"plain","optional":true}},"block_types":{"shared_storage_volumes":{"nesting_mode":"set","block":{"attributes":{"action":{"type":"string","description_kind":"plain","computed":true},"lun_id":{"type":"string","description_kind":"plain","computed":true},"lun_type":{"type":"string","description_kind":"plain","computed":true},"name":{"type":"string","description_kind":"plain","computed":true},"permanent":{"type":"string","description_kind":"plain","computed":true},"protocol_type":{"type":"string","description_kind":"plain","computed":true},"provision_type":{"type":"string","description_kind":"plain","computed":true},"requested_capacity":{"type":"string","description_kind":"plain","computed":true},"storage_pool_uri":{"type":"string","description_kind":"plain","computed":true},"storage_volume_uri":{"type":"string","description_kind":"plain","computed":true},"volume_file_system_type":{"type":"string","description_kind":"plain","computed":true},"volume_source":{"type":"string","description_kind":"plain","computed":true}},"block_types":{"hypervisor_cluster_volume":{"nesting_mode":"set","block":{"attributes":{"action":{"type":"string","description_kind":"plain","computed":true},"in_use":{"type":"string","description_kind":"plain","computed":true},"name":{"type":"string","description_kind":"plain","computed":true},"volume_id":{"type":"string","description_kind":"plain","computed":true}},"description_kind":"plain"}}},"description_kind":"plain"}}},"description_kind":"plain"}},"oneview_hypervisor_manager":{"version":0,"block":{"attributes":{"available_dvs_versions":{"type":["set","string"],"description_kind":"plain","computed":true},"category":{"type":"string","description_kind":"plain","computed":true},"created":{"type":"string","description_kind":"plain","computed":true},"description":{"type":"string","description_kind":"plain","computed":true},"display_name":{"type":"string","description_kind":"plain","computed":true},"etag":{"type":"string","description_kind":"plain","computed":true},"hypervisor_type":{"type":"string","description_kind":"plain","computed":true},"id":{"type":"string","description_kind":"plain","optional":true,"computed":true},"modified":{"type":"string","description_kind":"plain","computed":true},"name":{"type":"string","description_kind":"plain","required":true},"password":{"type":"string","description_kind":"plain","computed":true},"port":{"type":"number","description_kind":"plain","computed":true},"preferences":{"type":["set",["object",{"distributed_switch_usage":"string","distributed_switch_version":"string","drs_enabled":"bool","ha_enabled":"bool","multi_nic_v_motion":"bool","type":"string","virtual_switch_type":"string"}]],"description_kind":"plain","computed":true},"refresh_state":{"type":"string","description_kind":"plain","computed":true},"resource_paths":{"type":["list",["object",{"actual_path":"string","user_path":"string"}]],"description_kind":"plain","computed":true},"scopes_uri":{"type":"string","description_kind":"plain","computed":true},"state":{"type":"string","description_kind":"plain","computed":true},"state_reason":{"type":"string","description_kind":"plain","computed":true},"status":{"type":"string","description_kind":"plain","computed":true},"type":{"type":"string","description_kind":"plain","computed":true},"uri":{"type":"string","description_kind":"plain","computed":true},"username":{"type":"string","description_kind":"plain","computed":true},"uuid":{"type":"string","description_kind":"plain","computed":true},"version":{"type":"string","description_kind":"plain","computed":true}},"description_kind":"plain"}},"oneview_id_pools_ipv4_subnets":{"version":0,"block":{"attributes":{"allocator_uri":{"type":"string","description_kind":"plain","computed":true},"associated_resources":{"type":["list",["object",{"association_type":"string","resource_category":"string","resource_name":"string","resource_uri":"string"}]],"description_kind":"plain","computed":true},"category":{"type":"string","description_kind":"plain","computed":true},"collector_uri":{"type":"string","description_kind":"plain","computed":true},"created":{"type":"string","description_kind":"plain","computed":true},"dns_servers":{"type":["set","string"],"description_kind":"plain","computed":true},"domain":{"type":"string","description_kind":"plain","computed":true},"etag":{"type":"string","description_kind":"plain","computed":true},"gateway":{"type":"string","description_kind":"plain","computed":true},"id":{"type":"string","description_kind":"plain","optional":true,"computed":true},"modified":{"type":"string","description_kind":"plain","computed":true},"name":{"type":"string","description_kind":"plain","computed":true},"network_id":{"type":"string","description_kind":"plain","optional":true},"range_uris":{"type":["set","string"],"description_kind":"plain","computed":true},"subnet_id":{"type":"string","description_kind":"plain","optional":true},"subnet_mask":{"type":"string","description_kind":"plain","computed":true},"type":{"type":"string","description_kind":"plain","computed":true},"uri":{"type":"string","description_kind":"plain","computed":true}},"description_kind":"plain"}},"oneview_interconnect":{"version":0,"block":{"attributes":{"category":{"type":"string","description_kind":"plain","computed":true},"description":{"type":"string","description_kind":"plain","computed":true},"enclosure_name":{"type":"string","description_kind":"plain","computed":true},"enclosure_type":{"type":"string","description_kind":"plain","computed":true},"enclosure_uri":{"type":"string","description_kind":"plain","computed":true},"host_name":{"type":"string","description_kind":"plain","computed":true},"id":{"type":"string","description_kind":"plain","optional":true,"computed":true},"interconnect_ip":{"type":"string","description_kind":"plain","computed":true},"interconnect_location":{"type":["list",["object",{"location_entries":["list",["object",{"type":"string","value":"string"}]]}]],"description_kind":"plain","computed":true},"interconnect_mac":{"type":"string","description_kind":"plain","computed":true},"interconnect_type_uri":{"type":"string","description_kind":"plain","computed":true},"ip_address_list":{"type":["list",["object",{"ip_address":"string","ip_address_type":"string"}]],"description_kind":"plain","computed":true},"lldp_ip_address_mode":{"type":"string","description_kind":"plain","computed":true},"lldp_ipv4_address":{"type":"string","description_kind":"plain","computed":true},"lldp_ipv6_address":{"type":"string","description_kind":"plain","computed":true},"logical_interconnect_uri":{"type":"string","description_kind":"plain","computed":true},"model":{"type":"string","description_kind":"plain","computed":true},"name":{"type":"string","description_kind":"plain","required":true},"product_name":{"type":"string","description_kind":"plain","computed":true},"roles":{"type":["set","string"],"description_kind":"plain","computed":true},"scopes_uri":{"type":"string","description_kind":"plain","computed":true},"snmp_configuration":{"type":["list",["object",{"category":"string","description":"string","enabled":"bool","name":"string","snmp_access":["set","string"],"trap_destinations":["list",["object",{"community_string":"string","enet_trap_categories":["set","string"],"fc_trap_categories":["set","string"],"trap_destination":"string","trap_format":"string","trap_severities":["set","string"],"vcm_trap_categories":["set","string"]}]],"type":"string","uri":"string","v3_enabled":"bool"}]],"description_kind":"plain","computed":true},"type":{"type":"string","description_kind":"plain","computed":true},"uri":{"type":"string","description_kind":"plain","computed":true}},"description_kind":"plain"}},"oneview_interconnect_type":{"version":0,"block":{"attributes":{"category":{"type":"string","description_kind":"plain","computed":true},"created":{"type":"string","description_kind":"plain","computed":true},"description":{"type":"string","description_kind":"plain","computed":true},"downlink_port_capability":{"type":["set",["object",{"created":"string","max_bandwidth_in_gbps":"number","state":"string","total_sub_port":"number","uri":"string"}]],"description_kind":"plain","computed":true},"etag":{"type":"string","description_kind":"plain","computed":true},"id":{"type":"string","description_kind":"plain","optional":true,"computed":true},"interconnect_bay_set":{"type":"number","description_kind":"plain","computed":true},"interconnect_capabilities":{"type":["set",["object",{"capabilities":["set","string"],"max_bandwidth_in_gbps":"number"}]],"description_kind":"plain","computed":true},"name":{"type":"string","description_kind":"plain","required":true},"port_info":{"type":["set",["object",{"downlink_capable":"bool","mode":"string","paired_port_name":["set","string"],"port_capabilities":"string","port_name":"string","port_number":"number","uplink_capable":"bool"}]],"description_kind":"plain","computed":true},"state":{"type":"string","description_kind":"plain","computed":true},"status":{"type":"string","description_kind":"plain","computed":true},"type":{"type":"string","description_kind":"plain","computed":true},"uri":{"type":"string","description_kind":"plain","computed":true}},"description_kind":"plain"}},"oneview_ipv4_range":{"version":0,"block":{"attributes":{"allocated_fragment_uri":{"type":"string","description_kind":"plain","computed":true},"allocated_id_count":{"type":"number","description_kind":"plain","computed":true},"allocator_uri":{"type":"string","description_kind":"plain","computed":true},"associated_resources":{"type":["list",["object",{"association_type":"string","resource_category":"string","resource_name":"string","resource_uri":"string"}]],"description_kind":"plain","computed":true},"category":{"type":"string","description_kind":"plain","computed":true},"collector_uri":{"type":"string","description_kind":"plain","computed":true},"created":{"type":"string","description_kind":"plain","computed":true},"default_range":{"type":"bool","description_kind":"plain","computed":true},"enabled":{"type":"bool","description_kind":"plain","computed":true},"end_address":{"type":"string","description_kind":"plain","computed":true},"etag":{"type":"string","description_kind":"plain","computed":true},"free_fragment_uri":{"type":"string","description_kind":"plain","computed":true},"free_id_count":{"type":"number","description_kind":"plain","computed":true},"id":{"type":"string","description_kind":"plain","required":true},"modified":{"type":"string","description_kind":"plain","computed":true},"name":{"type":"string","description_kind":"plain","computed":true},"prefix":{"type":"string","description_kind":"plain","computed":true},"range_category":{"type":"string","description_kind":"plain","computed":true},"reserved_id_count":{"type":"number","description_kind":"plain","computed":true},"start_address":{"type":"string","description_kind":"plain","computed":true},"start_stop_fragments":{"type":["list",["object",{"end_address":"string","fragment_type":"string","start_address":"string"}]],"description_kind":"plain","computed":true},"subnet_uri":{"type":"string","description_kind":"plain","computed":true},"total_count":{"type":"number","description_kind":"plain","computed":true},"type":{"type":"string","description_kind":"plain","computed":true},"uri":{"type":"string","description_kind":"plain","computed":true}},"description_kind":"plain"}},"oneview_label":{"version":0,"block":{"attributes":{"category":{"type":"string","description_kind":"plain","computed":true},"created":{"type":"string","description_kind":"plain","computed":true},"etag":{"type":"string","description_kind":"plain","computed":true},"id":{"type":"string","description_kind":"plain","optional":true,"computed":true},"labels":{"type":["list",["object",{"name":"string","uri":"string"}]],"description_kind":"plain","computed":true},"modified":{"type":"string","description_kind":"plain","computed":true},"resource_uri":{"type":"string","description_kind":"plain","required":true},"type":{"type":"string","description_kind":"plain","computed":true},"uri":{"type":"string","description_kind":"plain","computed":true}},"description_kind":"plain"}},"oneview_logical_enclosure":{"version":0,"block":{"attributes":{"ambient_temperature_mode":{"type":"string","description_kind":"plain","computed":true},"delete_failed":{"type":"bool","description_kind":"plain","computed":true},"enclosure_group_uri":{"type":"string","description_kind":"plain","required":true},"enclosure_uris":{"type":["list","string"],"description_kind":"plain","optional":true},"firmware":{"type":["set",["object",{"firmware_baseline_uri":"string","firmware_update_on":"string","force_install_firmware":"bool","logical_interconnect_update_mode":"string","update_firmware_on_unmanaged_interconnect":"bool","validate_if_li_firmware_update_is_non_disruptive":"bool"}]],"description_kind":"plain","computed":true},"id":{"type":"string","description_kind":"plain","optional":true,"computed":true},"ip_addressing_mode":{"type":"string","description_kind":"plain","computed":true},"ipv4_range":{"type":["set",["object",{"dns_servers":"string","domain":"string","gateway":"string","ip_range_uri":"string","name":"string","subnet_mask":"string"}]],"description_kind":"plain","computed":true},"logical_interconnect_uris":{"type":["set","string"],"description_kind":"plain","computed":true},"name":{"type":"string","description_kind":"plain","required":true},"power_mode":{"type":"string","description_kind":"plain","computed":true},"scaling_state":{"type":"string","description_kind":"plain","computed":true},"scopes_uri":{"type":"string","description_kind":"plain","computed":true},"status":{"type":"string","description_kind":"plain","computed":true},"type":{"type":"string","description_kind":"plain","computed":true}},"block_types":{"deployment_manager_settings":{"nesting_mode":"set","block":{"attributes":{"deployement_cluster_uri":{"type":"string","description_kind":"plain","optional":true}},"block_types":{"os_deployment_settings":{"nesting_mode":"list","block":{"attributes":{"manage_os_deployment":{"type":"bool","description_kind":"plain","optional":true}},"block_types":{"deployment_mode_settings":{"nesting_mode":"list","block":{"attributes":{"deployment_mode":{"type":"string","description_kind":"plain","optional":true},"deployment_network_uri":{"type":"string","description_kind":"plain","optional":true}},"description_kind":"plain"}}},"description_kind":"plain"}}},"description_kind":"plain"}}},"description_kind":"plain"}},"oneview_logical_interconnect":{"version":0,"block":{"attributes":{"category":{"type":"string","description_kind":"plain","computed":true},"description":{"type":"string","description_kind":"plain","computed":true},"enclosure_uris":{"type":["set","string"],"description_kind":"plain","computed":true},"ethernet_settings":{"type":["set",["object",{"category":"string","dependent_resource_uri":"string","description":"string","id":"string","interconnect_type":"string","name":"string","type":"string","uri":"string"}]],"description_kind":"plain","computed":true},"fusion_domain_uri":{"type":"string","description_kind":"plain","computed":true},"id":{"type":"string","description_kind":"plain","optional":true,"computed":true},"interconnect_map":{"type":["list",["object",{"interconnect_map_entries":["list",["object",{"enclosure_index":"number","interconnect_uri":"string","location":["list",["object",{"location_entries":["list",["object",{"type":"string","value":"string"}]]}]],"logical_downlink_uri":"string","permitted_interconnect_type_uri":"string"}]]}]],"description_kind":"plain","computed":true},"interconnects":{"type":["set","string"],"description_kind":"plain","computed":true},"logical_interconnect_group_uri":{"type":"string","description_kind":"plain","computed":true},"name":{"type":"string","description_kind":"plain","required":true},"snmp_configuration":{"type":["list",["object",{"category":"string","description":"string","enabled":"bool","name":"string","read_community":"string","snmp_access":["set","string"],"system_contact":"string","trap_destination":["list",["object",{"community_string":"string","enet_trap_categories":["set","string"],"fc_trap_categories":["set","string"],"trap_destination":"string","trap_format":"string","trap_severities":["set","string"],"vcm_trap_categories":["set","string"]}]],"type":"string","uri":"string","v3_enabled":"bool"}]],"description_kind":"plain","computed":true},"stacking_health":{"type":"string","description_kind":"plain","computed":true},"type":{"type":"string","description_kind":"plain","computed":true},"uri":{"type":"string","description_kind":"plain","computed":true}},"block_types":{"port_flap_settings":{"nesting_mode":"set","block":{"attributes":{"category":{"type":"string","description_kind":"plain","optional":true},"consistency_checking":{"type":"string","description_kind":"plain","optional":true},"created":{"type":"string","description_kind":"plain","optional":true},"description":{"type":"string","description_kind":"plain","optional":true},"detection_interval":{"type":"number","description_kind":"plain","optional":true},"etag":{"type":"string","description_kind":"plain","optional":true},"id":{"type":"string","description_kind":"plain","optional":true},"modified":{"type":"string","description_kind":"plain","optional":true},"name":{"type":"string","description_kind":"plain","optional":true},"no_of_samples_declare_failures":{"type":"number","description_kind":"plain","optional":true},"port_flap_protection_mode":{"type":"string","description_kind":"plain","optional":true},"port_flap_threshold_per_interval":{"type":"number","description_kind":"plain","optional":true},"state":{"type":"string","description_kind":"plain","optional":true},"status":{"type":"string","description_kind":"plain","optional":true},"type":{"type":"string","description_kind":"plain","optional":true},"uri":{"type":"string","description_kind":"plain","optional":true}},"description_kind":"plain"}}},"description_kind":"plain"}},"oneview_logical_interconnect_group":{"version":0,"block":{"attributes":{"category":{"type":"string","description_kind":"plain","computed":true},"created":{"type":"string","description_kind":"plain","computed":true},"description":{"type":"string","description_kind":"plain","computed":true},"enclosure_indexes":{"type":["set","number"],"description_kind":"plain","computed":true},"etag":{"type":"string","description_kind":"plain","computed":true},"fabric_uri":{"type":"string","description_kind":"plain","computed":true},"id":{"type":"string","description_kind":"plain","optional":true,"computed":true},"igmp_settings":{"type":["set",["object",{"category":"string","consistency_checking":"string","created":"string","dependent_resource_uri":"string","description":"string","etag":"string","id":"string","igmp_idle_timeout_interval":"number","igmp_snooping":"bool","igmp_snooping_vlan_ids":"string","modified":"string","name":"string","prevent_flooding":"bool","proxy_reporting":"bool","state":"string","status":"string","type":"string","uri":"string"}]],"description_kind":"plain","computed":true},"interconnect_bay_set":{"type":"number","description_kind":"plain","computed":true},"interconnect_map_entry_template":{"type":["set",["object",{"bay_number":"number","enclosure_index":"number","interconnect_type_name":"string"}]],"description_kind":"plain","computed":true},"interconnect_settings":{"type":["list",["object",{"fast_mac_cache_failover":"bool","interconnect_utilization_alert":"bool","mac_refresh_interval":"number","network_loop_protection":"bool","pause_flood_protection":"bool","rich_tlv":"bool","type":"string"}]],"description_kind":"plain","computed":true},"internal_network_uris":{"type":["set","string"],"description_kind":"plain","computed":true},"modified":{"type":"string","description_kind":"plain","computed":true},"name":{"type":"string","description_kind":"plain","required":true},"quality_of_service":{"type":["list",["object",{"active_qos_config_type":"string","config_type":"string","downlink_classification_type":"string","qos_traffic_class":["list",["object",{"bandwidth_share":"string","egress_dot1p_value":"number","enabled":"bool","max_bandwidth":"number","name":"string","qos_classification_map":["list",["object",{"dot1p_class_map":["set","number"],"dscp_class_map":["set","string"]}]],"real_time":"bool"}]],"type":"string","uplink_classification_type":"string"}]],"description_kind":"plain","computed":true},"redundancy_type":{"type":"string","description_kind":"plain","computed":true},"sflow_configuration":{"type":["list",["object",{"category":"string","description":"string","enabled":"bool","name":"string","sflow_agents":["list",["object",{"bay_number":"number","enclosure_index":"number","ip_addr":"string","ip_mode":"string","status":"string","subnet_mask":"string"}]],"sflow_collectors":["list",["object",{"collector_enabled":"bool","collector_id":"number","ip_address":"string","max_datagram_size":"number","max_header_size":"number","name":"string","port":"number"}]],"sflow_network":["list",["object",{"name":"string","uri":"string","vlan_id":"number"}]],"sflow_ports":["list",["object",{"bay_number":"number","collector_id":"number","enclosure_index":"number","icm_name":"string","port_name":"string"}]],"state":"string","status":"string","type":"string","uri":"string"}]],"description_kind":"plain","computed":true},"snmp_configuration":{"type":["list",["object",{"enabled":"bool","read_community":"string","snmp_access":["set","string"],"system_contact":"string","trap_destination":["list",["object",{"community_string":"string","enet_trap_categories":["set","string"],"fc_trap_categories":["set","string"],"trap_destination":"string","trap_format":"string","trap_severities":["set","string"],"vcm_trap_categories":["set","string"]}]],"type":"string","v3_enabled":"bool"}]],"description_kind":"plain","computed":true},"state":{"type":"string","description_kind":"plain","computed":true},"status":{"type":"string","description_kind":"plain","computed":true},"telemetry_configuration":{"type":["list",["object",{"enabled":"bool","sample_count":"number","sample_interval":"number","type":"string"}]],"description_kind":"plain","computed":true},"type":{"type":"string","description_kind":"plain","computed":true},"uplink_set":{"type":["list",["object",{"ethernet_network_type":"string","lacp_timer":"string","logical_port_config":["list",["object",{"bay_num":"number","desired_fec_mode":"string","desired_speed":"string","enclosure_num":"number","port_num":["set","number"],"primary_port":"bool"}]],"mode":"string","name":"string","native_network_uri":"string","network_type":"string","network_uris":["set","string"]}]],"description_kind":"plain","computed":true},"uri":{"type":"string","description_kind":"plain","computed":true}},"block_types":{"port_flap_settings":{"nesting_mode":"set","block":{"attributes":{"category":{"type":"string","description_kind":"plain","optional":true},"consistency_checking":{"type":"string","description_kind":"plain","optional":true},"created":{"type":"string","description_kind":"plain","optional":true},"description":{"type":"string","description_kind":"plain","optional":true},"detection_interval":{"type":"number","description_kind":"plain","optional":true},"etag":{"type":"string","description_kind":"plain","optional":true},"id":{"type":"string","description_kind":"plain","optional":true},"modified":{"type":"string","description_kind":"plain","optional":true},"name":{"type":"string","description_kind":"plain","optional":true},"no_of_samples_declare_failures":{"type":"number","description_kind":"plain","optional":true},"port_flap_protection_mode":{"type":"string","description_kind":"plain","optional":true},"port_flap_threshold_per_interval":{"type":"number","description_kind":"plain","optional":true},"state":{"type":"string","description_kind":"plain","optional":true},"status":{"type":"string","description_kind":"plain","optional":true},"type":{"type":"string","description_kind":"plain","optional":true},"uri":{"type":"string","description_kind":"plain","optional":true}},"description_kind":"plain"}}},"description_kind":"plain"}},"oneview_network_set":{"version":0,"block":{"attributes":{"category":{"type":"string","description_kind":"plain","computed":true},"connection_template_uri":{"type":"string","description_kind":"plain","computed":true},"created":{"type":"string","description_kind":"plain","computed":true},"description":{"type":"string","description_kind":"plain","computed":true},"etag":{"type":"string","description_kind":"plain","computed":true},"id":{"type":"string","description_kind":"plain","optional":true,"computed":true},"modified":{"type":"string","description_kind":"plain","computed":true},"name":{"type":"string","description_kind":"plain","required":true},"native_network_uri":{"type":"string","description_kind":"plain","computed":true},"network_set_type":{"type":"string","description_kind":"plain","computed":true},"network_uris":{"type":["set","string"],"description_kind":"plain","computed":true},"scopes_uri":{"type":"string","description_kind":"plain","computed":true},"state":{"type":"string","description_kind":"plain","computed":true},"status":{"type":"string","description_kind":"plain","computed":true},"type":{"type":"string","description_kind":"plain","computed":true},"uri":{"type":"string","description_kind":"plain","computed":true}},"description_kind":"plain"}},"oneview_scope":{"version":0,"block":{"attributes":{"added_resource_uris":{"type":["set","string"],"description_kind":"plain","optional":true},"appliance_id":{"type":"string","description_kind":"plain","computed":true},"category":{"type":"string","description_kind":"plain","computed":true},"description":{"type":"string","description_kind":"plain","optional":true},"etag":{"type":"string","description_kind":"plain","computed":true},"id":{"type":"string","description_kind":"plain","optional":true,"computed":true},"initial_scope_uris":{"type":["set","string"],"description_kind":"plain","optional":true},"name":{"type":"string","description_kind":"plain","required":true},"old_uri":{"type":"string","description_kind":"plain","computed":true},"removed_resource_uris":{"type":["set","string"],"description_kind":"plain","optional":true},"scopes_uri":{"type":"string","description_kind":"plain","computed":true},"state":{"type":"string","description_kind":"plain","computed":true},"type":{"type":"string","description_kind":"plain","computed":true},"uri":{"type":"string","description_kind":"plain","computed":true}},"block_types":{"ext_attributes":{"nesting_mode":"list","block":{"attributes":{"type":{"type":"string","description_kind":"plain","optional":true}},"description_kind":"plain"}}},"description_kind":"plain"}},"oneview_server_certificate":{"version":0,"block":{"attributes":{"alias_name":{"type":"string","description_kind":"plain","optional":true},"category":{"type":"string","description_kind":"plain","computed":true},"certificate_details":{"type":["set",["object",{"alias_name":"string","alternative_name":"string","base64_data":"string","basic_constraints":"string","category":"string","cert_path":"string","common_name":"string","contact_person":"string","country":"string","created":"string","crl_distribution_end_points":"string","description":"string","dn_qualifier":"string","email":"string","enhanced_key_usage":"string","etag":"string","expires_in_days":"string","given_name":"string","initials":"string","issuer":"string","key_usage":"string","locality":"string","location_state":"string","modified":"string","name":"string","organization":"string","organizational_unit":"string","public_key":"string","remote_ip":"string","serial_number":"string","sha1_fingerprint":"string","sha256_fingerprint":"string","sha384_fingerprint":"string","signature_algorithm":"string","state":"string","status":"string","surname":"string","type":"string","uri":"string","valid_from":"string","valid_until":"string","version":"string"}]],"description_kind":"plain","computed":true},"certificate_status":{"type":["set",["object",{"chain_status":"string","self_signed":"bool","trusted":"bool"}]],"description_kind":"plain","computed":true},"created":{"type":"string","description_kind":"plain","computed":true},"description":{"type":"string","description_kind":"plain","computed":true},"etag":{"type":"string","description_kind":"plain","computed":true},"id":{"type":"string","description_kind":"plain","optional":true,"computed":true},"modified":{"type":"string","description_kind":"plain","computed":true},"name":{"type":"string","description_kind":"plain","computed":true},"remote_ip":{"type":"string","description_kind":"plain","optional":true},"state":{"type":"string","description_kind":"plain","computed":true},"status":{"type":"string","description_kind":"plain","computed":true},"type":{"type":"string","description_kind":"plain","computed":true},"uri":{"type":"string","description_kind":"plain","computed":true}},"description_kind":"plain"}},"oneview_server_hardware":{"version":0,"block":{"attributes":{"id":{"type":"string","description_kind":"plain","optional":true,"computed":true},"location_uri":{"type":"string","description_kind":"plain","computed":true},"mp_dns_name":{"type":"string","description_kind":"plain","computed":true},"mp_firmware_version":{"type":"string","description_kind":"plain","computed":true},"mp_ip_address":{"type":"string","description_kind":"plain","computed":true},"name":{"type":"string","description_kind":"plain","required":true},"power_state":{"type":"string","description_kind":"plain","computed":true},"server_group_uri":{"type":"string","description_kind":"plain","computed":true},"server_hardware_type_uri":{"type":"string","description_kind":"plain","computed":true},"server_profile_uri":{"type":"string","description_kind":"plain","computed":true},"type":{"type":"string","description_kind":"plain","computed":true},"uri":{"type":"string","description_kind":"plain","computed":true},"uuid":{"type":"string","description_kind":"plain","computed":true},"virtual_serial_number":{"type":"string","description_kind":"plain","computed":true},"virtual_uuid":{"type":"string","description_kind":"plain","computed":true}},"description_kind":"plain"}},"oneview_server_hardware_type":{"version":0,"block":{"attributes":{"category":{"type":"string","description_kind":"plain","computed":true},"description":{"type":"string","description_kind":"plain","computed":true},"etag":{"type":"string","description_kind":"plain","computed":true},"family":{"type":"string","description_kind":"plain","computed":true},"id":{"type":"string","description_kind":"plain","optional":true,"computed":true},"model":{"type":"string","description_kind":"plain","computed":true},"name":{"type":"string","description_kind":"plain","required":true},"platform":{"type":"string","description_kind":"plain","required":true},"storage_capability":{"type":["list",["object",{"controller_modes":["set","string"],"drive_technologies":["set","string"],"raid_levels":["set","string"]}]],"description_kind":"plain","computed":true},"uri":{"type":"string","description_kind":"plain","computed":true}},"description_kind":"plain"}},"oneview_server_profile":{"version":0,"block":{"attributes":{"affinity":{"type":"string","description_kind":"plain","optional":true},"associated_server":{"type":"string","description_kind":"plain","computed":true},"category":{"type":"string","description_kind":"plain","computed":true},"created":{"type":"string","description_kind":"plain","computed":true},"description":{"type":"string","description_kind":"plain","computed":true},"enclosure_bay":{"type":"number","description_kind":"plain","optional":true,"computed":true},"enclosure_group":{"type":"string","description_kind":"plain","optional":true},"enclosure_group_uri":{"type":"string","description_kind":"plain","computed":true},"enclosure_uri":{"type":"string","description_kind":"plain","computed":true},"etag":{"type":"string","description_kind":"plain","computed":true},"hardware_name":{"type":"string","description_kind":"plain","optional":true},"hardware_uri":{"type":"string","description_kind":"plain","computed":true},"hide_unused_flex_nics":{"type":"bool","description_kind":"plain","optional":true},"id":{"type":"string","description_kind":"plain","optional":true,"computed":true},"ilo_ip":{"type":"string","description_kind":"plain","computed":true},"in_progress":{"type":"bool","description_kind":"plain","computed":true},"initial_scope_uris":{"type":["set","string"],"description_kind":"plain","computed":true},"iscsi_initiator_name":{"type":"string","description_kind":"plain","computed":true},"iscsi_initiator_name_type":{"type":"string","description_kind":"plain","computed":true},"mac_type":{"type":"string","description_kind":"plain","optional":true},"management_processor":{"type":["list",["object",{"compliance_control":"string","manage_mp":"bool","mp_settings":["list",["object",{"administrator_account":["list",["object",{"delete_administrator_account":"bool","password":"string"}]],"directory":["list",["object",{"directory_authentication":"string","directory_generic_ldap":"bool","directory_server_address":"string","directory_server_certificate":"string","directory_server_port":"number","directory_user_context":["set","string"],"ilo_distinguished_name":"string","kerberos_authentication":"bool","kerberos_kdc_server_address":"string","kerberos_kdc_server_port":"number","kerberos_key_tab":"string","kerberos_realm":"string","password":"string"}]],"directory_groups":["list",["object",{"group_dn":"string","group_sid":"string","ilo_config_priv":"bool","remote_console_priv":"bool","user_config_priv":"bool","virtual_media_priv":"bool","virtual_power_and_reset_priv":"bool"}]],"key_manager":["list",["object",{"certificate_name":"string","group_name":"string","login_name":"string","password":"string","primary_server_address":"string","primary_server_port":"number","redundancy_required":"bool","secondary_server_address":"string","secondary_server_port":"number"}]],"local_accounts":["list",["object",{"display_name":"string","ilo_config_priv":"bool","password":"string","remote_console_priv":"bool","user_config_priv":"bool","user_name":"string","virtual_media_priv":"bool","virtual_power_and_reset_priv":"bool"}]]}]],"reapply_state":"string"}]],"description_kind":"plain","computed":true},"modified":{"type":"string","description_kind":"plain","computed":true},"name":{"type":"string","description_kind":"plain","required":true},"profile_uuid":{"type":"string","description_kind":"plain","computed":true},"public_connection":{"type":"string","description_kind":"plain","optional":true},"public_mac":{"type":"string","description_kind":"plain","computed":true},"public_slot_id":{"type":"number","description_kind":"plain","computed":true},"refresh_state":{"type":"string","description_kind":"plain","computed":true},"scopes_uri":{"type":"string","description_kind":"plain","computed":true},"serial_number":{"type":"string","description_kind":"plain","computed":true},"serial_number_type":{"type":"string","description_kind":"plain","optional":true},"server_hardware_reapply_state":{"type":"string","description_kind":"plain","computed":true},"server_hardware_type":{"type":"string","description_kind":"plain","optional":true},"server_hardware_type_uri":{"type":"string","description_kind":"plain","computed":true},"service_manager":{"type":"string","description_kind":"plain","computed":true},"state":{"type":"string","description_kind":"plain","computed":true},"status":{"type":"string","description_kind":"plain","computed":true},"task_uri":{"type":"string","description_kind":"plain","computed":true},"template":{"type":"string","description_kind":"plain","optional":true},"template_compliance":{"type":"string","description_kind":"plain","computed":true},"type":{"type":"string","description_kind":"plain","optional":true},"uri":{"type":"string","description_kind":"plain","computed":true},"uuid":{"type":"string","description_kind":"plain","computed":true},"wwn_type":{"type":"string","description_kind":"plain","optional":true}},"block_types":{"bios_option":{"nesting_mode":"set","block":{"attributes":{"consistency_state":{"type":"string","description_kind":"plain","optional":true},"manage_bios":{"type":"bool","description_kind":"plain","required":true},"reapply_state":{"type":"string","description_kind":"plain","optional":true}},"block_types":{"overridden_settings":{"nesting_mode":"list","block":{"attributes":{"id":{"type":"string","description_kind":"plain","optional":true},"value":{"type":"string","description_kind":"plain","optional":true}},"description_kind":"plain"}}},"description_kind":"plain"}},"boot":{"nesting_mode":"list","block":{"attributes":{"boot_order":{"type":["set","string"],"description_kind":"plain","optional":true},"manage_boot":{"type":"bool","description_kind":"plain","optional":true}},"description_kind":"plain"}},"boot_mode":{"nesting_mode":"set","block":{"attributes":{"manage_mode":{"type":"bool","description_kind":"plain","required":true},"mode":{"type":"string","description_kind":"plain","required":true},"pxe_boot_policy":{"type":"string","description_kind":"plain","required":true},"secure_boot":{"type":"string","description_kind":"plain","optional":true}},"description_kind":"plain"}},"connection_settings":{"nesting_mode":"list","block":{"attributes":{"compliance_control":{"type":"string","description_kind":"plain","optional":true},"manage_connections":{"type":"bool","description_kind":"plain","optional":true},"reapply_state":{"type":"string","description_kind":"plain","optional":true}},"block_types":{"connections":{"nesting_mode":"list","block":{"attributes":{"allocated_mbps":{"type":"number","description_kind":"plain","optional":true},"allocated_vfs":{"type":"number","description_kind":"plain","optional":true},"function_type":{"type":"string","description_kind":"plain","optional":true},"id":{"type":"number","description_kind":"plain","optional":true},"interconnect_port":{"type":"number","description_kind":"plain","optional":true},"interconnect_uri":{"type":"string","description_kind":"plain","optional":true},"isolated_trunk":{"type":"bool","description_kind":"plain","optional":true},"lag_name":{"type":"string","description_kind":"plain","optional":true},"mac":{"type":"string","description_kind":"plain","optional":true},"mac_type":{"type":"string","description_kind":"plain","optional":true},"managed":{"type":"bool","description_kind":"plain","optional":true},"maximum_mbps":{"type":"number","description_kind":"plain","optional":true},"name":{"type":"string","description_kind":"plain","required":true},"network_name":{"type":"string","description_kind":"plain","optional":true},"network_uri":{"type":"string","description_kind":"plain","optional":true},"port_id":{"type":"string","description_kind":"plain","optional":true},"private_vlan_port_type":{"type":"string","description_kind":"plain","optional":true},"requested_mbps":{"type":"string","description_kind":"plain","optional":true},"requested_vfs":{"type":"string","description_kind":"plain","optional":true},"state":{"type":"string","description_kind":"plain","optional":true},"status":{"type":"string","description_kind":"plain","optional":true},"wwnn":{"type":"string","description_kind":"plain","optional":true},"wwpn":{"type":"string","description_kind":"plain","optional":true},"wwpn_type":{"type":"string","description_kind":"plain","optional":true}},"block_types":{"boot":{"nesting_mode":"list","block":{"attributes":{"boot_vlan_id":{"type":"number","description_kind":"plain","optional":true},"boot_volume_source":{"type":"string","description_kind":"plain","optional":true},"ethernet_boot_type":{"type":"string","description_kind":"plain","optional":true},"priority":{"type":"string","description_kind":"plain","optional":true}},"block_types":{"iscsi":{"nesting_mode":"list","block":{"attributes":{"boot_target_lun":{"type":"string","description_kind":"plain","optional":true},"boot_target_name":{"type":"string","description_kind":"plain","optional":true},"chap_level":{"type":"string","description_kind":"plain","optional":true},"chap_name":{"type":"string","description_kind":"plain","optional":true},"chap_secret":{"type":"string","description_kind":"plain","optional":true},"first_boot_target_ip":{"type":"string","description_kind":"plain","optional":true},"first_boot_target_port":{"type":"string","description_kind":"plain","optional":true},"initiator_name":{"type":"string","description_kind":"plain","optional":true},"initiator_name_source":{"type":"string","description_kind":"plain","optional":true},"mutual_chap_name":{"type":"string","description_kind":"plain","optional":true},"mutual_chap_secret":{"type":"string","description_kind":"plain","optional":true},"second_boot_target_ip":{"type":"string","description_kind":"plain","optional":true},"second_boot_target_port":{"type":"string","description_kind":"plain","optional":true}},"description_kind":"plain"},"max_items":1},"targets":{"nesting_mode":"list","block":{"attributes":{"array_wwpn":{"type":"string","description_kind":"plain","optional":true},"lun":{"type":"string","description_kind":"plain","optional":true}},"description_kind":"plain"}}},"description_kind":"plain"}},"ipv4":{"nesting_mode":"list","block":{"attributes":{"gateway":{"type":"string","description_kind":"plain","optional":true},"ip_address":{"type":"string","description_kind":"plain","optional":true},"ip_address_source":{"type":"string","description_kind":"plain","optional":true},"subnet_mask":{"type":"string","description_kind":"plain","optional":true}},"description_kind":"plain"}}},"description_kind":"plain"}}},"description_kind":"plain"}},"firmware":{"nesting_mode":"set","block":{"attributes":{"consistency_state":{"type":"string","description_kind":"plain","optional":true},"firmware_activation_type":{"type":"string","description_kind":"plain","optional":true},"firmware_baseline_uri":{"type":"string","description_kind":"plain","optional":true},"firmware_install_type":{"type":"string","description_kind":"plain","optional":true},"firmware_schedule_date_time":{"type":"string","description_kind":"plain","optional":true},"force_install_firmware":{"type":"bool","description_kind":"plain","optional":true},"manage_firmware":{"type":"bool","description_kind":"plain","optional":true},"reapply_state":{"type":"string","description_kind":"plain","optional":true}},"description_kind":"plain"},"max_items":1},"local_storage":{"nesting_mode":"list","block":{"attributes":{"initialize":{"type":"bool","description_kind":"plain","optional":true},"manage_local_storage":{"type":"bool","description_kind":"plain","optional":true},"reapply_state":{"type":"string","description_kind":"plain","optional":true}},"block_types":{"controller":{"nesting_mode":"list","block":{"attributes":{"device_slot":{"type":"string","description_kind":"plain","optional":true},"drive_write_cache":{"type":"string","description_kind":"plain","optional":true},"import_configuration":{"type":"bool","description_kind":"plain","optional":true},"initialize":{"type":"bool","description_kind":"plain","optional":true},"mode":{"type":"string","description_kind":"plain","optional":true},"predictive_spare_rebuild":{"type":"string","description_kind":"plain","optional":true}},"block_types":{"logical_drives":{"nesting_mode":"list","block":{"attributes":{"accelerator":{"type":"string","description_kind":"plain","optional":true},"bootable":{"type":"bool","description_kind":"plain","optional":true},"drive_number":{"type":"number","description_kind":"plain","optional":true},"drive_technology":{"type":"string","description_kind":"plain","optional":true},"name":{"type":"string","description_kind":"plain","optional":true},"num_physical_drives":{"type":"number","description_kind":"plain","optional":true},"num_spare_drives":{"type":"number","description_kind":"plain","optional":true},"raid_level":{"type":"string","description_kind":"plain","optional":true},"sas_logical_jbod_id":{"type":"number","description_kind":"plain","optional":true}},"description_kind":"plain"}}},"description_kind":"plain"}},"sas_logical_jbod":{"nesting_mode":"list","block":{"attributes":{"description":{"type":"string","description_kind":"plain","optional":true},"device_slot":{"type":"string","description_kind":"plain","optional":true},"drive_max_size_gb":{"type":"number","description_kind":"plain","optional":true},"drive_min_size_gb":{"type":"number","description_kind":"plain","optional":true},"drive_technology":{"type":"string","description_kind":"plain","optional":true},"erase_data":{"type":"bool","description_kind":"plain","optional":true},"id":{"type":"number","description_kind":"plain","optional":true},"name":{"type":"string","description_kind":"plain","optional":true},"num_physical_drive":{"type":"number","description_kind":"plain","optional":true},"persistent":{"type":"bool","description_kind":"plain","optional":true},"sas_logical_jbod_uri":{"type":"string","description_kind":"plain","optional":true},"status":{"type":"string","description_kind":"plain","optional":true}},"description_kind":"plain"}}},"description_kind":"plain"},"max_items":1},"os_deployment_settings":{"nesting_mode":"set","block":{"attributes":{"deploy_method":{"type":"string","description_kind":"plain","optional":true},"deployment_mac":{"type":"string","description_kind":"plain","optional":true},"deployment_port_id":{"type":"string","description_kind":"plain","optional":true},"force_os_deployment":{"type":"bool","description_kind":"plain","optional":true},"os_deployment_plan_name":{"type":"string","description_kind":"plain","optional":true},"os_deployment_plan_uri":{"type":"string","description_kind":"plain","optional":true},"os_volume":{"type":"string","description_kind":"plain","optional":true},"reapply_state":{"type":"string","description_kind":"plain","optional":true}},"block_types":{"os_custom_attributes":{"nesting_mode":"set","block":{"attributes":{"constraints":{"type":"string","description_kind":"plain","computed":true},"name":{"type":"string","description_kind":"plain","optional":true},"type":{"type":"string","description_kind":"plain","computed":true},"value":{"type":"string","description_kind":"plain","optional":true}},"description_kind":"plain"}}},"description_kind":"plain"},"max_items":1},"san_storage":{"nesting_mode":"set","block":{"attributes":{"compliance_control":{"type":"string","description_kind":"plain","optional":true},"host_os_type":{"type":"string","description_kind":"plain","optional":true},"manage_san_storage":{"type":"bool","description_kind":"plain","optional":true}},"block_types":{"san_system_credentials":{"nesting_mode":"list","block":{"attributes":{"chap_level":{"type":"string","description_kind":"plain","optional":true,"computed":true},"chap_name":{"type":"string","description_kind":"plain","computed":true},"chap_secret":{"type":"string","description_kind":"plain","optional":true,"computed":true},"chap_source":{"type":"string","description_kind":"plain","computed":true},"mutual_chap_name":{"type":"string","description_kind":"plain","computed":true},"mutual_chap_secret":{"type":"string","description_kind":"plain","optional":true,"computed":true},"storage_system_uri":{"type":"string","description_kind":"plain","optional":true}},"description_kind":"plain"}}},"description_kind":"plain"},"max_items":1},"volume_attachments":{"nesting_mode":"set","block":{"attributes":{"associated_template_attachment_id":{"type":"string","description_kind":"plain","optional":true},"boot_volume_priority":{"type":"string","description_kind":"plain","optional":true},"id":{"type":"number","description_kind":"plain","required":true},"is_permanent":{"type":"bool","description_kind":"plain","required":true},"lun":{"type":"string","description_kind":"plain","required":true},"lun_type":{"type":"string","description_kind":"plain","optional":true},"state":{"type":"string","description_kind":"plain","optional":true},"status":{"type":"string","description_kind":"plain","optional":true},"volume_storage_system_uri":{"type":"string","description_kind":"plain","optional":true},"volume_uri":{"type":"string","description_kind":"plain","optional":true}},"block_types":{"storage_paths":{"nesting_mode":"set","block":{"attributes":{"connection_id":{"type":"number","description_kind":"plain","optional":true},"is_enabled":{"type":"bool","description_kind":"plain","optional":true},"network_uri":{"type":"string","description_kind":"plain","optional":true},"status":{"type":"string","description_kind":"plain","optional":true},"target_selector":{"type":"string","description_kind":"plain","optional":true}},"block_types":{"targets":{"nesting_mode":"set","block":{"attributes":{"ip_address":{"type":"string","description_kind":"plain","optional":true},"name":{"type":"string","description_kind":"plain","optional":true},"tcp_port":{"type":"string","description_kind":"plain","optional":true}},"description_kind":"plain"}}},"description_kind":"plain"}},"volume":{"nesting_mode":"set","block":{"attributes":{"initial_scope_uris":{"type":["set","string"],"description_kind":"plain","computed":true},"is_permanent":{"type":"bool","description_kind":"plain","optional":true},"template_uri":{"type":"string","description_kind":"plain","optional":true}},"block_types":{"properties":{"nesting_mode":"set","block":{"attributes":{"data_protection_level":{"type":"string","description_kind":"plain","optional":true},"data_transfer_limit":{"type":"number","description_kind":"plain","optional":true},"description":{"type":"string","description_kind":"plain","optional":true},"folder":{"type":"string","description_kind":"plain","optional":true},"iops_limit":{"type":"number","description_kind":"plain","optional":true},"is_adaptive_optimization_enabled":{"type":"bool","description_kind":"plain","optional":true},"is_compressed":{"type":"bool","description_kind":"plain","optional":true},"is_data_reduction_enabled":{"type":"bool","description_kind":"plain","optional":true},"is_deduplicated":{"type":"bool","description_kind":"plain","optional":true},"is_encrypted":{"type":"bool","description_kind":"plain","optional":true},"is_pinned":{"type":"bool","description_kind":"plain","optional":true},"is_shareable":{"type":"bool","description_kind":"plain","optional":true},"name":{"type":"string","description_kind":"plain","optional":true},"performance_policy":{"type":"string","description_kind":"plain","optional":true},"provisioning_type":{"type":"string","description_kind":"plain","optional":true},"size":{"type":"number","description_kind":"plain","optional":true},"snapshot_pool":{"type":"string","description_kind":"plain","optional":true},"storage_pool":{"type":"string","description_kind":"plain","optional":true},"template_version":{"type":"string","description_kind":"plain","optional":true},"volume_set":{"type":"string","description_kind":"plain","optional":true}},"description_kind":"plain"}}},"description_kind":"plain"}}},"description_kind":"plain"}}},"description_kind":"plain"}},"oneview_server_profile_template":{"version":0,"block":{"attributes":{"affinity":{"type":"string","description_kind":"plain","optional":true,"computed":true},"category":{"type":"string","description_kind":"plain","optional":true},"created":{"type":"string","description_kind":"plain","optional":true},"description":{"type":"string","description_kind":"plain","optional":true},"enclosure_group":{"type":"string","description_kind":"plain","optional":true,"computed":true},"enclosure_group_uri":{"type":"string","description_kind":"plain","computed":true},"etag":{"type":"string","description_kind":"plain","computed":true},"hide_unused_flex_nics":{"type":"bool","description_kind":"plain","computed":true},"id":{"type":"string","description_kind":"plain","optional":true,"computed":true},"initial_scope_uris":{"type":["set","string"],"description_kind":"plain","computed":true},"iscsi_initiator_name_type":{"type":"string","description_kind":"plain","optional":true},"mac_type":{"type":"string","description_kind":"plain","computed":true},"management_processor":{"type":["list",["object",{"compliance_control":"string","manage_mp":"bool","mp_settings":["list",["object",{"administrator_account":["list",["object",{"delete_administrator_account":"bool","password":"string"}]],"directory":["list",["object",{"directory_authentication":"string","directory_generic_ldap":"bool","directory_server_address":"string","directory_server_certificate":"string","directory_server_port":"number","directory_user_context":["set","string"],"ilo_distinguished_name":"string","kerberos_authentication":"bool","kerberos_kdc_server_address":"string","kerberos_kdc_server_port":"number","kerberos_key_tab":"string","kerberos_realm":"string","password":"string"}]],"directory_groups":["list",["object",{"group_dn":"string","group_sid":"string","ilo_config_priv":"bool","remote_console_priv":"bool","user_config_priv":"bool","virtual_media_priv":"bool","virtual_power_and_reset_priv":"bool"}]],"key_manager":["list",["object",{"certificate_name":"string","group_name":"string","login_name":"string","password":"string","primary_server_address":"string","primary_server_port":"number","redundancy_required":"bool","secondary_server_address":"string","secondary_server_port":"number"}]],"local_accounts":["list",["object",{"display_name":"string","ilo_config_priv":"bool","password":"string","remote_console_priv":"bool","user_config_priv":"bool","user_name":"string","virtual_media_priv":"bool","virtual_power_and_reset_priv":"bool"}]]}]],"reapply_state":"string"}]],"description_kind":"plain","computed":true},"modified":{"type":"string","description_kind":"plain","computed":true},"name":{"type":"string","description_kind":"plain","required":true},"refresh_state":{"type":"string","description_kind":"plain","optional":true},"scopes_uri":{"type":"string","description_kind":"plain","computed":true},"serial_number_type":{"type":"string","description_kind":"plain","computed":true},"server_hardware_type":{"type":"string","description_kind":"plain","computed":true},"server_hardware_type_uri":{"type":"string","description_kind":"plain","optional":true},"server_profile_description":{"type":"string","description_kind":"plain","optional":true},"state":{"type":"string","description_kind":"plain","computed":true},"status":{"type":"string","description_kind":"plain","computed":true},"type":{"type":"string","description_kind":"plain","computed":true},"uri":{"type":"string","description_kind":"plain","computed":true},"wwn_type":{"type":"string","description_kind":"plain","computed":true}},"block_types":{"bios_option":{"nesting_mode":"set","block":{"attributes":{"compliance_control":{"type":"string","description_kind":"plain","optional":true},"manage_bios":{"type":"bool","description_kind":"plain","required":true}},"block_types":{"overridden_settings":{"nesting_mode":"list","block":{"attributes":{"id":{"type":"string","description_kind":"plain","optional":true},"value":{"type":"string","description_kind":"plain","optional":true}},"description_kind":"plain"}}},"description_kind":"plain"}},"boot":{"nesting_mode":"list","block":{"attributes":{"boot_order":{"type":["set","string"],"description_kind":"plain","optional":true},"compliance_control":{"type":"string","description_kind":"plain","optional":true},"manage_boot":{"type":"bool","description_kind":"plain","optional":true}},"description_kind":"plain"}},"boot_mode":{"nesting_mode":"set","block":{"attributes":{"compliance_control":{"type":"string","description_kind":"plain","optional":true},"manage_mode":{"type":"bool","description_kind":"plain","required":true},"mode":{"type":"string","description_kind":"plain","required":true},"pxe_boot_policy":{"type":"string","description_kind":"plain","required":true}},"description_kind":"plain"}},"connection_settings":{"nesting_mode":"list","block":{"attributes":{"compliance_control":{"type":"string","description_kind":"plain","optional":true},"manage_connections":{"type":"bool","description_kind":"plain","optional":true},"reapply_state":{"type":"string","description_kind":"plain","optional":true}},"block_types":{"connections":{"nesting_mode":"list","block":{"attributes":{"function_type":{"type":"string","description_kind":"plain","optional":true},"id":{"type":"number","description_kind":"plain","optional":true},"isolated_trunk":{"type":"bool","description_kind":"plain","optional":true},"lag_name":{"type":"string","description_kind":"plain","optional":true},"managed":{"type":"bool","description_kind":"plain","optional":true},"name":{"type":"string","description_kind":"plain","required":true},"network_name":{"type":"string","description_kind":"plain","optional":true},"network_uri":{"type":"string","description_kind":"plain","optional":true},"port_id":{"type":"string","description_kind":"plain","optional":true},"requested_mbps":{"type":"string","description_kind":"plain","optional":true}},"block_types":{"boot":{"nesting_mode":"list","block":{"attributes":{"boot_vlan_id":{"type":"number","description_kind":"plain","optional":true},"boot_volume_source":{"type":"string","description_kind":"plain","optional":true},"ethernet_boot_type":{"type":"string","description_kind":"plain","optional":true},"priority":{"type":"string","description_kind":"plain","optional":true}},"block_types":{"iscsi":{"nesting_mode":"list","block":{"attributes":{"boot_target_lun":{"type":"string","description_kind":"plain","optional":true},"boot_target_name":{"type":"string","description_kind":"plain","optional":true},"chap_level":{"type":"string","description_kind":"plain","optional":true},"chap_name":{"type":"string","description_kind":"plain","optional":true},"chap_secret":{"type":"string","description_kind":"plain","optional":true},"first_boot_target_ip":{"type":"string","description_kind":"plain","optional":true},"first_boot_target_port":{"type":"string","description_kind":"plain","optional":true},"initiator_name":{"type":"string","description_kind":"plain","optional":true},"initiator_name_source":{"type":"string","description_kind":"plain","optional":true},"mutual_chap_name":{"type":"string","description_kind":"plain","optional":true},"second_boot_target_ip":{"type":"string","description_kind":"plain","optional":true},"second_boot_target_port":{"type":"string","description_kind":"plain","optional":true}},"description_kind":"plain"}},"targets":{"nesting_mode":"list","block":{"attributes":{"array_wwpn":{"type":"string","description_kind":"plain","optional":true},"lun":{"type":"string","description_kind":"plain","optional":true}},"description_kind":"plain"}}},"description_kind":"plain"}},"ipv4":{"nesting_mode":"list","block":{"attributes":{"gateway":{"type":"string","description_kind":"plain","optional":true},"ip_address":{"type":"string","description_kind":"plain","optional":true},"ip_address_source":{"type":"string","description_kind":"plain","optional":true},"subnet_mask":{"type":"string","description_kind":"plain","optional":true}},"description_kind":"plain"}}},"description_kind":"plain"}}},"description_kind":"plain"},"max_items":1},"firmware":{"nesting_mode":"set","block":{"attributes":{"compliance_control":{"type":"string","description_kind":"plain","optional":true},"firmware_activation_type":{"type":"string","description_kind":"plain","optional":true},"firmware_baseline_uri":{"type":"string","description_kind":"plain","optional":true},"firmware_install_type":{"type":"string","description_kind":"plain","optional":true},"force_install_firmware":{"type":"bool","description_kind":"plain","optional":true},"manage_firmware":{"type":"bool","description_kind":"plain","optional":true}},"description_kind":"plain"},"max_items":1},"local_storage":{"nesting_mode":"list","block":{"attributes":{"compliance_control":{"type":"string","description_kind":"plain","optional":true},"initialize":{"type":"bool","description_kind":"plain","optional":true},"manage_local_storage":{"type":"bool","description_kind":"plain","optional":true}},"block_types":{"controller":{"nesting_mode":"list","block":{"attributes":{"device_slot":{"type":"string","description_kind":"plain","optional":true},"drive_write_cache":{"type":"string","description_kind":"plain","optional":true},"initialize":{"type":"bool","description_kind":"plain","optional":true},"mode":{"type":"string","description_kind":"plain","optional":true},"predictive_spare_rebuild":{"type":"string","description_kind":"plain","optional":true}},"block_types":{"logical_drives":{"nesting_mode":"list","block":{"attributes":{"accelerator":{"type":"string","description_kind":"plain","optional":true},"bootable":{"type":"bool","description_kind":"plain","optional":true},"drive_technology":{"type":"string","description_kind":"plain","optional":true},"name":{"type":"string","description_kind":"plain","optional":true},"num_physical_drives":{"type":"number","description_kind":"plain","optional":true},"num_spare_drives":{"type":"number","description_kind":"plain","optional":true},"raid_level":{"type":"string","description_kind":"plain","optional":true},"sas_logical_jbod_id":{"type":"number","description_kind":"plain","optional":true}},"description_kind":"plain"}}},"description_kind":"plain"}},"sas_logical_jbod":{"nesting_mode":"list","block":{"attributes":{"description":{"type":"string","description_kind":"plain","optional":true},"device_slot":{"type":"string","description_kind":"plain","optional":true},"drive_max_size_gb":{"type":"number","description_kind":"plain","optional":true},"drive_min_size_gb":{"type":"number","description_kind":"plain","optional":true},"drive_technology":{"type":"string","description_kind":"plain","optional":true},"erase_data":{"type":"bool","description_kind":"plain","optional":true},"id":{"type":"number","description_kind":"plain","optional":true},"name":{"type":"string","description_kind":"plain","optional":true},"num_physical_drive":{"type":"number","description_kind":"plain","optional":true},"persistent":{"type":"bool","description_kind":"plain","optional":true}},"description_kind":"plain"}}},"description_kind":"plain"},"max_items":1},"os_deployment_settings":{"nesting_mode":"set","block":{"attributes":{"compliance_control":{"type":"string","description_kind":"plain","optional":true},"deploy_method":{"type":"string","description_kind":"plain","optional":true},"deployment_port_id":{"type":"string","description_kind":"plain","optional":true},"os_deployment_plan_name":{"type":"string","description_kind":"plain","optional":true},"os_deployment_plan_uri":{"type":"string","description_kind":"plain","optional":true}},"block_types":{"os_custom_attributes":{"nesting_mode":"set","block":{"attributes":{"constraints":{"type":"string","description_kind":"plain","computed":true},"name":{"type":"string","description_kind":"plain","optional":true},"type":{"type":"string","description_kind":"plain","computed":true},"value":{"type":"string","description_kind":"plain","optional":true}},"description_kind":"plain"}}},"description_kind":"plain"},"max_items":1},"san_storage":{"nesting_mode":"set","block":{"attributes":{"compliance_control":{"type":"string","description_kind":"plain","optional":true},"host_os_type":{"type":"string","description_kind":"plain","optional":true},"manage_san_storage":{"type":"bool","description_kind":"plain","optional":true}},"block_types":{"san_system_credentials":{"nesting_mode":"list","block":{"attributes":{"chap_level":{"type":"string","description_kind":"plain","optional":true,"computed":true},"chap_name":{"type":"string","description_kind":"plain","computed":true},"chap_secret":{"type":"string","description_kind":"plain","optional":true,"computed":true},"chap_source":{"type":"string","description_kind":"plain","computed":true},"mutual_chap_name":{"type":"string","description_kind":"plain","computed":true},"mutual_chap_secret":{"type":"string","description_kind":"plain","optional":true,"computed":true},"storage_system_uri":{"type":"string","description_kind":"plain","optional":true}},"description_kind":"plain"}}},"description_kind":"plain"},"max_items":1},"volume_attachments":{"nesting_mode":"set","block":{"attributes":{"associated_template_attachment_id":{"type":"string","description_kind":"plain","optional":true},"boot_volume_priority":{"type":"string","description_kind":"plain","optional":true},"id":{"type":"number","description_kind":"plain","required":true},"lun":{"type":"string","description_kind":"plain","optional":true},"lun_type":{"type":"string","description_kind":"plain","required":true},"state":{"type":"string","description_kind":"plain","optional":true},"status":{"type":"string","description_kind":"plain","optional":true},"volume_storage_system_uri":{"type":"string","description_kind":"plain","optional":true},"volume_uri":{"type":"string","description_kind":"plain","optional":true}},"block_types":{"storage_paths":{"nesting_mode":"set","block":{"attributes":{"connection_id":{"type":"number","description_kind":"plain","optional":true},"is_enabled":{"type":"bool","description_kind":"plain","optional":true},"network_uri":{"type":"string","description_kind":"plain","optional":true},"status":{"type":"string","description_kind":"plain","optional":true},"target_selector":{"type":"string","description_kind":"plain","optional":true}},"block_types":{"targets":{"nesting_mode":"set","block":{"attributes":{"ip_address":{"type":"string","description_kind":"plain","optional":true},"name":{"type":"string","description_kind":"plain","optional":true},"tcp_port":{"type":"number","description_kind":"plain","optional":true}},"description_kind":"plain"}}},"description_kind":"plain"}},"volume":{"nesting_mode":"set","block":{"attributes":{"initial_scope_uris":{"type":["set","string"],"description_kind":"plain","computed":true},"is_permanent":{"type":"bool","description_kind":"plain","optional":true},"template_uri":{"type":"string","description_kind":"plain","optional":true}},"block_types":{"properties":{"nesting_mode":"set","block":{"attributes":{"data_protection_level":{"type":"string","description_kind":"plain","optional":true},"data_transfer_limit":{"type":"number","description_kind":"plain","optional":true},"description":{"type":"string","description_kind":"plain","optional":true},"folder":{"type":"string","description_kind":"plain","optional":true},"iops_limit":{"type":"number","description_kind":"plain","optional":true},"is_adaptive_optimization_enabled":{"type":"bool","description_kind":"plain","optional":true},"is_compressed":{"type":"bool","description_kind":"plain","optional":true},"is_data_reduction_enabled":{"type":"bool","description_kind":"plain","optional":true},"is_deduplicated":{"type":"bool","description_kind":"plain","optional":true},"is_encrypted":{"type":"bool","description_kind":"plain","optional":true},"is_pinned":{"type":"bool","description_kind":"plain","optional":true},"is_shareable":{"type":"bool","description_kind":"plain","optional":true},"name":{"type":"string","description_kind":"plain","optional":true},"performance_policy":{"type":"string","description_kind":"plain","optional":true},"provisioning_type":{"type":"string","description_kind":"plain","optional":true},"size":{"type":"number","description_kind":"plain","optional":true},"snapshot_pool":{"type":"string","description_kind":"plain","optional":true},"storage_pool":{"type":"string","description_kind":"plain","optional":true},"template_version":{"type":"string","description_kind":"plain","optional":true},"volume_set":{"type":"string","description_kind":"plain","optional":true}},"description_kind":"plain"}}},"description_kind":"plain"}}},"description_kind":"plain"}}},"description_kind":"plain"}},"oneview_storage_attachment":{"version":0,"block":{"attributes":{"category":{"type":"string","description_kind":"plain","computed":true},"description":{"type":"string","description_kind":"plain","computed":true},"etag":{"type":"string","description_kind":"plain","computed":true},"host":{"type":["set",["object",{"name":"string","os":"string"}]],"description_kind":"plain","computed":true},"id":{"type":"string","description_kind":"plain","optional":true,"computed":true},"name":{"type":"string","description_kind":"plain","required":true},"paths":{"type":["set",["object",{"connection_name":"string","is_enabled":"bool","transport":"string"}]],"description_kind":"plain","computed":true},"state":{"type":"string","description_kind":"plain","computed":true},"status":{"type":"string","description_kind":"plain","computed":true},"storage_system_uri":{"type":"string","description_kind":"plain","computed":true},"storage_volume_uri":{"type":"string","description_kind":"plain","computed":true},"type":{"type":"string","description_kind":"plain","computed":true},"uri":{"type":"string","description_kind":"plain","computed":true}},"description_kind":"plain"}},"oneview_storage_pool":{"version":0,"block":{"attributes":{"allocated_capacity":{"type":"string","description_kind":"plain","computed":true},"category":{"type":"string","description_kind":"plain","computed":true},"description":{"type":"string","description_kind":"plain","computed":true},"etag":{"type":"string","description_kind":"plain","computed":true},"free_capacity":{"type":"string","description_kind":"plain","computed":true},"id":{"type":"string","description_kind":"plain","optional":true,"computed":true},"is_managed":{"type":"bool","description_kind":"plain","computed":true},"name":{"type":"string","description_kind":"plain","required":true},"state":{"type":"string","description_kind":"plain","computed":true},"status":{"type":"string","description_kind":"plain","computed":true},"storage_pool_device_specific_attributes":{"type":["set",["object",{"capacity_limit":"string","device_id":"string","device_speed":"string","domain":"string","is_deduplication_capable":"bool","supported_raid_level":"string","uuid":"string"}]],"description_kind":"plain","computed":true},"storage_system_uri":{"type":"string","description_kind":"plain","computed":true},"total_capacity":{"type":"string","description_kind":"plain","computed":true},"type":{"type":"string","description_kind":"plain","computed":true},"uri":{"type":"string","description_kind":"plain","computed":true}},"description_kind":"plain"}},"oneview_storage_system":{"version":0,"block":{"attributes":{"category":{"type":"string","description_kind":"plain","computed":true},"credentials":{"type":["set",["object",{"password":"string","username":"string"}]],"description_kind":"plain","computed":true},"description":{"type":"string","description_kind":"plain","computed":true},"etag":{"type":"string","description_kind":"plain","computed":true},"family":{"type":"string","description_kind":"plain","computed":true},"hostname":{"type":"string","description_kind":"plain","computed":true},"id":{"type":"string","description_kind":"plain","optional":true,"computed":true},"managed_pool":{"type":["set",["object",{"device_type":"string","domain":"string","free_capacity":"string","name":"string","raid_level":"string","total_capacity":"string"}]],"description_kind":"plain","computed":true},"name":{"type":"string","description_kind":"plain","required":true},"password":{"type":"string","description_kind":"plain","computed":true},"ports":{"type":["set",["object",{"id":"string","mode":"string","partner_port":"string"}]],"description_kind":"plain","computed":true},"state":{"type":"string","description_kind":"plain","computed":true},"status":{"type":"string","description_kind":"plain","computed":true},"storage_pools_uri":{"type":"string","description_kind":"plain","computed":true},"storage_system_device_specific_attributes":{"type":["set",["object",{"firmware":"string","managed_domain":"string","model":"string"}]],"description_kind":"plain","computed":true},"total_capacity":{"type":"string","description_kind":"plain","computed":true},"type":{"type":"string","description_kind":"plain","computed":true},"uri":{"type":"string","description_kind":"plain","computed":true},"username":{"type":"string","description_kind":"plain","computed":true}},"description_kind":"plain"}},"oneview_storage_volume_template":{"version":0,"block":{"attributes":{"category":{"type":"string","description_kind":"plain","computed":true},"compatible_storage_systems_uri":{"type":"string","description_kind":"plain","computed":true},"description":{"type":"string","description_kind":"plain","computed":true},"etag":{"type":"string","description_kind":"plain","computed":true},"family":{"type":"string","description_kind":"plain","computed":true},"id":{"type":"string","description_kind":"plain","optional":true,"computed":true},"initial_scope_uris":{"type":["set","string"],"description_kind":"plain","computed":true},"is_root":{"type":"bool","description_kind":"plain","computed":true},"name":{"type":"string","description_kind":"plain","required":true},"root_template_uri":{"type":"string","description_kind":"plain","computed":true},"scopes_uri":{"type":"string","description_kind":"plain","computed":true},"state":{"type":"string","description_kind":"plain","computed":true},"status":{"type":"string","description_kind":"plain","computed":true},"storage_pool_uri":{"type":"string","description_kind":"plain","computed":true},"tp_data_protection_level":{"type":["set",["object",{"default":"string","description":"string","enum":["set","string"],"format":"string","max_length":"number","meta_create_only":"bool","meta_locked":"bool","meta_semantic_type":"string","min_length":"number","minimum":"number","required":"bool","title":"string","type":"string"}]],"description_kind":"plain","computed":true},"tp_data_transfer_limit":{"type":["set",["object",{"default":"number","description":"string","enum":["set","string"],"format":"string","maximum":"number","meta_create_only":"bool","meta_locked":"bool","meta_semantic_type":"string","minimum":"number","required":"bool","title":"string","type":"string"}]],"description_kind":"plain","computed":true},"tp_description":{"type":["set",["object",{"default":"string","description":"string","enum":["set","string"],"format":"string","max_length":"number","meta_create_only":"bool","meta_locked":"bool","meta_semantic_type":"string","min_length":"number","minimum":"number","required":"bool","title":"string","type":"string"}]],"description_kind":"plain","computed":true},"tp_folder":{"type":["set",["object",{"default":"string","description":"string","enum":["set","string"],"format":"string","max_length":"number","meta_create_only":"bool","meta_locked":"bool","meta_semantic_type":"string","min_length":"number","minimum":"number","required":"bool","title":"string","type":"string"}]],"description_kind":"plain","computed":true},"tp_iops_limit":{"type":["set",["object",{"default":"number","description":"string","enum":["set","string"],"format":"string","maximum":"number","meta_create_only":"bool","meta_locked":"bool","meta_semantic_type":"string","minimum":"number","required":"bool","title":"string","type":"string"}]],"description_kind":"plain","computed":true},"tp_is_adaptive_optimization_enabled":{"type":["set",["object",{"default":"bool","description":"string","enum":["set","string"],"format":"string","meta_create_only":"bool","meta_locked":"bool","meta_semantic_type":"string","required":"bool","title":"string","type":"string"}]],"description_kind":"plain","computed":true},"tp_is_compressed":{"type":["set",["object",{"default":"bool","description":"string","enum":["set","string"],"format":"string","meta_create_only":"bool","meta_locked":"bool","meta_semantic_type":"string","required":"bool","title":"string","type":"string"}]],"description_kind":"plain","computed":true},"tp_is_deduplicated":{"type":["set",["object",{"default":"bool","description":"string","enum":["set","string"],"format":"string","meta_create_only":"bool","meta_locked":"bool","meta_semantic_type":"string","required":"bool","title":"string","type":"string"}]],"description_kind":"plain","computed":true},"tp_is_encrypted":{"type":["set",["object",{"default":"bool","description":"string","enum":["set","string"],"format":"string","meta_create_only":"bool","meta_locked":"bool","meta_semantic_type":"string","required":"bool","title":"string","type":"string"}]],"description_kind":"plain","computed":true},"tp_is_pinned":{"type":["set",["object",{"default":"bool","description":"string","enum":["set","string"],"format":"string","meta_create_only":"bool","meta_locked":"bool","meta_semantic_type":"string","required":"bool","title":"string","type":"string"}]],"description_kind":"plain","computed":true},"tp_is_shareable":{"type":["set",["object",{"default":"bool","description":"string","enum":["set","string"],"format":"string","meta_create_only":"bool","meta_locked":"bool","meta_semantic_type":"string","required":"bool","title":"string","type":"string"}]],"description_kind":"plain","computed":true},"tp_name":{"type":["set",["object",{"default":"string","description":"string","enum":["set","string"],"format":"string","max_length":"number","meta_create_only":"bool","meta_locked":"bool","meta_semantic_type":"string","min_length":"number","minimum":"number","required":"bool","title":"string","type":"string"}]],"description_kind":"plain","computed":true},"tp_performance_policy":{"type":["set",["object",{"default":"string","description":"string","enum":["set","string"],"format":"string","max_length":"number","meta_create_only":"bool","meta_locked":"bool","meta_semantic_type":"string","min_length":"number","minimum":"number","required":"bool","title":"string","type":"string"}]],"description_kind":"plain","computed":true},"tp_provisioning_type":{"type":["set",["object",{"default":"string","description":"string","enum":["set","string"],"format":"string","max_length":"number","meta_create_only":"bool","meta_locked":"bool","meta_semantic_type":"string","min_length":"number","minimum":"number","required":"bool","title":"string","type":"string"}]],"description_kind":"plain","computed":true},"tp_size":{"type":["set",["object",{"default":"number","description":"string","enum":["set","string"],"format":"string","maximum":"number","meta_create_only":"bool","meta_locked":"bool","meta_semantic_type":"string","minimum":"number","required":"bool","title":"string","type":"string"}]],"description_kind":"plain","computed":true},"tp_snapshot_pool":{"type":["set",["object",{"default":"string","description":"string","enum":["set","string"],"format":"string","max_length":"number","meta_create_only":"bool","meta_locked":"bool","meta_semantic_type":"string","min_length":"number","minimum":"number","required":"bool","title":"string","type":"string"}]],"description_kind":"plain","computed":true},"tp_storage_pool":{"type":["set",["object",{"default":"string","description":"string","enum":["set","string"],"format":"string","max_length":"number","meta_create_only":"bool","meta_locked":"bool","meta_semantic_type":"string","min_length":"number","minimum":"number","required":"bool","title":"string","type":"string"}]],"description_kind":"plain","computed":true},"tp_template_version":{"type":["set",["object",{"default":"string","description":"string","enum":["set","string"],"format":"string","max_length":"number","meta_create_only":"bool","meta_locked":"bool","meta_semantic_type":"string","min_length":"number","minimum":"number","required":"bool","title":"string","type":"string"}]],"description_kind":"plain","computed":true},"tp_volume_set":{"type":["set",["object",{"default":"string","description":"string","enum":["set","string"],"format":"string","max_length":"number","meta_create_only":"bool","meta_locked":"bool","meta_semantic_type":"string","min_length":"number","minimum":"number","required":"bool","title":"string","type":"string"}]],"description_kind":"plain","computed":true},"type":{"type":"string","description_kind":"plain","computed":true},"uri":{"type":"string","description_kind":"plain","computed":true},"uuid":{"type":"string","description_kind":"plain","computed":true},"version":{"type":"string","description_kind":"plain","computed":true}},"description_kind":"plain"}},"oneview_task":{"version":0,"block":{"attributes":{"associated_resources":{"type":["set",["object",{"association_type":"string","resource_category":"string","resource_name":"string","resource_uri":"string"}]],"description_kind":"plain","computed":true},"associated_task_uri":{"type":"string","description_kind":"plain","computed":true},"category":{"type":"string","description_kind":"plain","computed":true},"completed_steps":{"type":"number","description_kind":"plain","computed":true},"computed_percent_complete":{"type":"number","description_kind":"plain","computed":true},"created":{"type":"number","description_kind":"plain","computed":true},"data":{"type":["set",["object",{"task_category":"string"}]],"description_kind":"plain","computed":true},"etag":{"type":"string","description_kind":"plain","computed":true},"expected_duration":{"type":"number","description_kind":"plain","computed":true},"filter":{"type":"string","description_kind":"plain","optional":true},"hidden":{"type":"bool","description_kind":"plain","computed":true},"id":{"type":"string","description_kind":"plain","optional":true,"computed":true},"is_cancellable":{"type":"bool","description_kind":"plain","computed":true},"modified":{"type":"string","description_kind":"plain","computed":true},"name":{"type":"string","description_kind":"plain","computed":true},"owner":{"type":"string","description_kind":"plain","computed":true},"parent_task_uri":{"type":"string","description_kind":"plain","computed":true},"percent_complete":{"type":"number","description_kind":"plain","computed":true},"progress_updates":{"type":["set",["object",{"id":"number","status_update":"string","time_stamp":"string"}]],"description_kind":"plain","computed":true},"state_reason":{"type":"string","description_kind":"plain","computed":true},"task_errors":{"type":["set",["object",{"details":"string","error_code":"string","error_source":"string","message":"string"}]],"description_kind":"plain","computed":true},"task_id":{"type":"string","description_kind":"plain","optional":true},"task_is_done":{"type":"bool","description_kind":"plain","computed":true},"task_state":{"type":"string","description_kind":"plain","computed":true},"task_status":{"type":"string","description_kind":"plain","computed":true},"task_type":{"type":"string","description_kind":"plain","computed":true},"timeout":{"type":"number","description_kind":"plain","computed":true},"total_steps":{"type":"number","description_kind":"plain","computed":true},"type":{"type":"string","description_kind":"plain","computed":true},"uri":{"type":"string","description_kind":"plain","computed":true},"user":{"type":"string","description_kind":"plain","computed":true},"user_initiated":{"type":"bool","description_kind":"plain","computed":true},"wait_time":{"type":"number","description_kind":"plain","computed":true}},"description_kind":"plain"}},"oneview_uplink_set":{"version":0,"block":{"attributes":{"connection_mode":{"type":"string","description_kind":"plain","computed":true},"description":{"type":"string","description_kind":"plain","computed":true},"ethernet_network_type":{"type":"string","description_kind":"plain","computed":true},"fc_mode":{"type":"string","description_kind":"plain","computed":true},"fc_network_uris":{"type":["set","string"],"description_kind":"plain","computed":true},"fcoe_network_uris":{"type":["set","string"],"description_kind":"plain","computed":true},"id":{"type":"string","description_kind":"plain","optional":true,"computed":true},"lacptimer":{"type":"string","description_kind":"plain","computed":true},"logical_interconnect_uri":{"type":"string","description_kind":"plain","computed":true},"manual_login_redistribution_state":{"type":"string","description_kind":"plain","computed":true},"name":{"type":"string","description_kind":"plain","required":true},"native_network_uri":{"type":"string","description_kind":"plain","computed":true},"network_type":{"type":"string","description_kind":"plain","computed":true},"network_uris":{"type":["set","string"],"description_kind":"plain","computed":true},"port_config_infos":{"type":["set",["object",{"bay_number":"string","desired_speed":"string","enclosure_uri":"string","port_number":"string","port_uri":"string","remote_chassis_id":"string","remote_port_id":"string"}]],"description_kind":"plain","computed":true},"reachability":{"type":"string","description_kind":"plain","computed":true},"type":{"type":"string","description_kind":"plain","computed":true},"uri":{"type":"string","description_kind":"plain","computed":true}},"description_kind":"plain"}},"oneview_version":{"version":0,"block":{"attributes":{"current_version":{"type":"number","description_kind":"plain","computed":true},"id":{"type":"string","description_kind":"plain","optional":true,"computed":true},"minimum_version":{"type":"number","description_kind":"plain","computed":true}},"description_kind":"plain"}},"oneview_volume":{"version":0,"block":{"attributes":{"category":{"type":"string","description_kind":"plain","computed":true},"description":{"type":"string","description_kind":"plain","computed":true},"device_specific_attributes":{"type":["list",["object",{"copy_state":"string","is_compressed":"bool","is_deduplicated":"bool","snapshot_pool_uri":"string"}]],"description_kind":"plain","computed":true},"etag":{"type":"string","description_kind":"plain","computed":true},"id":{"type":"string","description_kind":"plain","optional":true,"computed":true},"is_permanent":{"type":"bool","description_kind":"plain","computed":true},"is_shareable":{"type":"bool","description_kind":"plain","computed":true},"name":{"type":"string","description_kind":"plain","required":true},"provisioned_capacity":{"type":"string","description_kind":"plain","computed":true},"provisioning_type":{"type":"string","description_kind":"plain","computed":true},"requesting_refresh":{"type":"bool","description_kind":"plain","computed":true},"storage_pool_uri":{"type":"string","description_kind":"plain","computed":true},"template_version":{"type":"string","description_kind":"plain","computed":true},"type":{"type":"string","description_kind":"plain","computed":true},"uri":{"type":"string","description_kind":"plain","computed":true},"volume_set_uris":{"type":["set","string"],"description_kind":"plain","computed":true},"volume_template_uri":{"type":"string","description_kind":"plain","computed":true}},"description_kind":"plain"}}}}}}
