{"format_version":"0.2","provider_schemas":{"registry.terraform.io/icinga/icinga2":{"provider":{"version":0,"block":{"attributes":{"api_password":{"type":"string","description":"The password for authenticating to the Icinga2 server.\n","description_kind":"plain","required":true},"api_url":{"type":"string","description":"The address of the Icinga2 server.\n","description_kind":"plain","required":true},"api_user":{"type":"string","description":"The user to authenticate to the Icinga2 Server as.\n","description_kind":"plain","required":true},"insecure_skip_tls_verify":{"type":"bool","description":"Disable TLS verify when connecting to Icinga2 Server\n","description_kind":"plain","optional":true}},"description_kind":"plain"}},"resource_schemas":{"icinga2_checkcommand":{"version":0,"block":{"attributes":{"arguments":{"type":["map","string"],"description_kind":"plain","optional":true},"command":{"type":"string","description_kind":"plain","required":true},"id":{"type":"string","description_kind":"plain","optional":true,"computed":true},"name":{"type":"string","description":"Name","description_kind":"plain","required":true},"templates":{"type":["list","string"],"description_kind":"plain","required":true}},"description_kind":"plain"}},"icinga2_host":{"version":0,"block":{"attributes":{"address":{"type":"string","description_kind":"plain","required":true},"check_command":{"type":"string","description_kind":"plain","required":true},"groups":{"type":["list","string"],"description_kind":"plain","optional":true},"hostname":{"type":"string","description":"Hostname","description_kind":"plain","required":true},"id":{"type":"string","description_kind":"plain","optional":true,"computed":true},"templates":{"type":["list","string"],"description_kind":"plain","optional":true},"vars":{"type":["map","string"],"description_kind":"plain","optional":true}},"description_kind":"plain"}},"icinga2_hostgroup":{"version":0,"block":{"attributes":{"display_name":{"type":"string","description":"Display name of Host Group","description_kind":"plain","required":true},"id":{"type":"string","description_kind":"plain","optional":true,"computed":true},"name":{"type":"string","description":"name","description_kind":"plain","required":true}},"description_kind":"plain"}},"icinga2_notification":{"version":0,"block":{"attributes":{"command":{"type":"string","description_kind":"plain","required":true},"hostname":{"type":"string","description_kind":"plain","required":true},"id":{"type":"string","description_kind":"plain","optional":true,"computed":true},"interval":{"type":"number","description_kind":"plain","optional":true},"servicename":{"type":"string","description_kind":"plain","optional":true},"templates":{"type":["list","string"],"description_kind":"plain","optional":true},"users":{"type":["list","string"],"description_kind":"plain","optional":true},"vars":{"type":["map","string"],"description_kind":"plain","optional":true}},"description_kind":"plain"}},"icinga2_service":{"version":0,"block":{"attributes":{"check_command":{"type":"string","description":"CheckCommand","description_kind":"plain","required":true},"hostname":{"type":"string","description":"Hostname","description_kind":"plain","required":true},"id":{"type":"string","description_kind":"plain","optional":true,"computed":true},"name":{"type":"string","description":"ServiceName","description_kind":"plain","required":true},"templates":{"type":["list","string"],"description":"Templates","description_kind":"plain","optional":true},"vars":{"type":["map","string"],"description_kind":"plain","optional":true}},"description_kind":"plain"}},"icinga2_user":{"version":0,"block":{"attributes":{"email":{"type":"string","description_kind":"plain","optional":true},"id":{"type":"string","description_kind":"plain","optional":true,"computed":true},"name":{"type":"string","description":"Username","description_kind":"plain","required":true}},"description_kind":"plain"}}}}}}
