{"format_version":"0.2","provider_schemas":{"registry.terraform.io/ilert/ilert":{"provider":{"version":0,"block":{"attributes":{"api_token":{"type":"string","description_kind":"plain","optional":true},"endpoint":{"type":"string","description_kind":"plain","optional":true},"organization":{"type":"string","description_kind":"plain","optional":true},"password":{"type":"string","description_kind":"plain","optional":true},"username":{"type":"string","description_kind":"plain","optional":true}},"description_kind":"plain"}},"resource_schemas":{"ilert_alert_source":{"version":0,"block":{"attributes":{"active":{"type":"bool","description_kind":"plain","optional":true},"auto_resolution_timeout":{"type":"string","description_kind":"plain","optional":true},"email":{"type":"string","description_kind":"plain","optional":true},"email_filtered":{"type":"bool","description_kind":"plain","optional":true},"email_resolve_filtered":{"type":"bool","description_kind":"plain","optional":true},"escalation_policy":{"type":"string","description":"The escalation policy specifies who will be notified when an incident is created by this alert source","description_kind":"plain","required":true},"filter_operator":{"type":"string","description_kind":"plain","optional":true},"id":{"type":"string","description_kind":"plain","optional":true,"computed":true},"incident_creation":{"type":"string","description_kind":"plain","optional":true},"incident_priority_rule":{"type":"string","description_kind":"plain","optional":true},"integration_key":{"type":"string","description_kind":"plain","computed":true,"sensitive":true},"integration_type":{"type":"string","description_kind":"plain","required":true},"integration_url":{"type":"string","description_kind":"plain","computed":true,"sensitive":true},"name":{"type":"string","description":"The name of the resource, also acts as it's unique ID","description_kind":"plain","required":true},"resolve_filter_operator":{"type":"string","description_kind":"plain","optional":true},"status":{"type":"string","description_kind":"plain","computed":true},"teams":{"type":["list","number"],"description_kind":"plain","optional":true}},"block_types":{"autotask_metadata":{"nesting_mode":"list","block":{"attributes":{"secret":{"type":"string","description_kind":"plain","required":true},"username":{"type":"string","description_kind":"plain","required":true},"web_server":{"type":"string","description_kind":"plain","optional":true}},"description_kind":"plain"},"max_items":1},"email_predicate":{"nesting_mode":"list","block":{"attributes":{"criteria":{"type":"string","description_kind":"plain","required":true},"field":{"type":"string","description_kind":"plain","required":true},"value":{"type":"string","description_kind":"plain","optional":true}},"description_kind":"plain"}},"email_resolve_predicate":{"nesting_mode":"list","block":{"attributes":{"criteria":{"type":"string","description_kind":"plain","required":true},"field":{"type":"string","description_kind":"plain","required":true},"value":{"type":"string","description_kind":"plain","optional":true}},"description_kind":"plain"}},"heartbeat":{"nesting_mode":"list","block":{"attributes":{"interval_sec":{"type":"number","description":"The interval after which the heartbeat alert source will create an incident if it does not receive a ping","description_kind":"plain","optional":true},"status":{"type":"string","description_kind":"plain","computed":true},"summary":{"type":"string","description":"This text will be used as the incident summary, when incidents are created by this alert source","description_kind":"plain","optional":true}},"description":"A heartbeat alert source will automatically create an incident if it does not receive a heartbeat signal from your app at regular intervals.","description_kind":"plain"},"max_items":1},"resolve_key_extractor":{"nesting_mode":"list","block":{"attributes":{"criteria":{"type":"string","description_kind":"plain","required":true},"field":{"type":"string","description_kind":"plain","required":true},"value":{"type":"string","description_kind":"plain","optional":true}},"description_kind":"plain"},"max_items":1},"support_hours":{"nesting_mode":"list","block":{"attributes":{"auto_raise_incidents":{"type":"bool","description_kind":"plain","optional":true},"timezone":{"type":"string","description_kind":"plain","optional":true}},"block_types":{"support_days":{"nesting_mode":"list","block":{"block_types":{"friday":{"nesting_mode":"list","block":{"attributes":{"end":{"type":"string","description_kind":"plain","optional":true},"start":{"type":"string","description_kind":"plain","optional":true}},"description_kind":"plain"},"max_items":1},"monday":{"nesting_mode":"list","block":{"attributes":{"end":{"type":"string","description_kind":"plain","optional":true},"start":{"type":"string","description_kind":"plain","optional":true}},"description_kind":"plain"},"max_items":1},"saturday":{"nesting_mode":"list","block":{"attributes":{"end":{"type":"string","description_kind":"plain","optional":true},"start":{"type":"string","description_kind":"plain","optional":true}},"description_kind":"plain"},"max_items":1},"sunday":{"nesting_mode":"list","block":{"attributes":{"end":{"type":"string","description_kind":"plain","optional":true},"start":{"type":"string","description_kind":"plain","optional":true}},"description_kind":"plain"},"max_items":1},"thursday":{"nesting_mode":"list","block":{"attributes":{"end":{"type":"string","description_kind":"plain","optional":true},"start":{"type":"string","description_kind":"plain","optional":true}},"description_kind":"plain"},"max_items":1},"tuesday":{"nesting_mode":"list","block":{"attributes":{"end":{"type":"string","description_kind":"plain","optional":true},"start":{"type":"string","description_kind":"plain","optional":true}},"description_kind":"plain"},"max_items":1},"wednesday":{"nesting_mode":"list","block":{"attributes":{"end":{"type":"string","description_kind":"plain","optional":true},"start":{"type":"string","description_kind":"plain","optional":true}},"description_kind":"plain"},"max_items":1}},"description_kind":"plain"},"max_items":1}},"description_kind":"plain"},"max_items":1}},"description_kind":"plain"}},"ilert_connection":{"version":0,"block":{"attributes":{"created_at":{"type":"string","description_kind":"plain","computed":true},"id":{"type":"string","description_kind":"plain","optional":true,"computed":true},"name":{"type":"string","description_kind":"plain","required":true},"trigger_mode":{"type":"string","description_kind":"plain","optional":true},"trigger_types":{"type":["list","string"],"description_kind":"plain","optional":true},"updated_at":{"type":"string","description_kind":"plain","computed":true}},"block_types":{"alert_source":{"nesting_mode":"list","block":{"attributes":{"id":{"type":"string","description_kind":"plain","required":true}},"description_kind":"plain"},"min_items":1,"max_items":1},"autotask":{"nesting_mode":"list","block":{"attributes":{"company_id":{"type":"string","description_kind":"plain","optional":true},"issue_type":{"type":"string","description_kind":"plain","optional":true},"queue_id":{"type":"number","description_kind":"plain","required":true},"ticket_category":{"type":"string","description_kind":"plain","optional":true},"ticket_type":{"type":"string","description_kind":"plain","optional":true}},"description_kind":"plain"},"max_items":1},"aws_lambda":{"nesting_mode":"list","block":{"attributes":{"body_template":{"type":"string","description_kind":"plain","optional":true},"url":{"type":"string","description_kind":"plain","required":true}},"description_kind":"plain"},"max_items":1},"azure_faas":{"nesting_mode":"list","block":{"attributes":{"body_template":{"type":"string","description_kind":"plain","optional":true},"url":{"type":"string","description_kind":"plain","required":true}},"description_kind":"plain"},"max_items":1},"connector":{"nesting_mode":"list","block":{"attributes":{"id":{"type":"string","description_kind":"plain","optional":true},"type":{"type":"string","description_kind":"plain","required":true}},"description_kind":"plain"},"min_items":1,"max_items":1},"datadog":{"nesting_mode":"list","block":{"attributes":{"priority":{"type":"string","description_kind":"plain","optional":true},"site":{"type":"string","description_kind":"plain","optional":true},"tags":{"type":["list","string"],"description_kind":"plain","optional":true}},"description_kind":"plain"},"max_items":1},"email":{"nesting_mode":"list","block":{"attributes":{"body_template":{"type":"string","description_kind":"plain","optional":true},"recipients":{"type":["list","string"],"description_kind":"plain","required":true},"subject":{"type":"string","description_kind":"plain","required":true}},"description_kind":"plain"},"max_items":1},"github":{"nesting_mode":"list","block":{"attributes":{"labels":{"type":["list","string"],"description_kind":"plain","optional":true},"owner":{"type":"string","description_kind":"plain","required":true},"repository":{"type":"string","description_kind":"plain","required":true}},"description_kind":"plain"},"max_items":1},"google_faas":{"nesting_mode":"list","block":{"attributes":{"body_template":{"type":"string","description_kind":"plain","optional":true},"url":{"type":"string","description_kind":"plain","required":true}},"description_kind":"plain"},"max_items":1},"jira":{"nesting_mode":"list","block":{"attributes":{"body_template":{"type":"string","description_kind":"plain","optional":true},"issue_type":{"type":"string","description_kind":"plain","optional":true},"project":{"type":"string","description_kind":"plain","required":true}},"description_kind":"plain"},"max_items":1},"servicenow":{"nesting_mode":"list","block":{"attributes":{"caller_id":{"type":"string","description_kind":"plain","optional":true},"impact":{"type":"string","description_kind":"plain","optional":true},"urgency":{"type":"string","description_kind":"plain","optional":true}},"description_kind":"plain"},"max_items":1},"slack":{"nesting_mode":"list","block":{"attributes":{"channel_id":{"type":"string","description_kind":"plain","required":true},"channel_name":{"type":"string","description_kind":"plain","optional":true},"team_domain":{"type":"string","description_kind":"plain","optional":true},"team_id":{"type":"string","description_kind":"plain","required":true}},"description_kind":"plain"},"max_items":1},"status_page_io":{"nesting_mode":"list","block":{"attributes":{"page_id":{"type":"string","description_kind":"plain","optional":true}},"description_kind":"plain"},"max_items":1},"sysdig":{"nesting_mode":"list","block":{"attributes":{"event_filter":{"type":"string","description_kind":"plain","optional":true},"tags":{"type":["list","string"],"description_kind":"plain","optional":true}},"description_kind":"plain"},"max_items":1},"topdesk":{"nesting_mode":"list","block":{"attributes":{"status":{"type":"string","description_kind":"plain","optional":true}},"description_kind":"plain"},"max_items":1},"webhook":{"nesting_mode":"list","block":{"attributes":{"body_template":{"type":"string","description_kind":"plain","optional":true},"url":{"type":"string","description_kind":"plain","required":true}},"description_kind":"plain"},"max_items":1},"zammad":{"nesting_mode":"list","block":{"attributes":{"email":{"type":"string","description_kind":"plain","optional":true}},"description_kind":"plain"},"max_items":1},"zapier":{"nesting_mode":"list","block":{"attributes":{"url":{"type":"string","description_kind":"plain","required":true}},"description_kind":"plain"},"max_items":1},"zendesk":{"nesting_mode":"list","block":{"attributes":{"priority":{"type":"string","description_kind":"plain","optional":true}},"description_kind":"plain"},"max_items":1}},"description_kind":"plain"}},"ilert_connector":{"version":0,"block":{"attributes":{"created_at":{"type":"string","description_kind":"plain","computed":true},"id":{"type":"string","description_kind":"plain","optional":true,"computed":true},"name":{"type":"string","description_kind":"plain","required":true},"type":{"type":"string","description_kind":"plain","required":true},"updated_at":{"type":"string","description_kind":"plain","computed":true}},"block_types":{"autotask":{"nesting_mode":"list","block":{"attributes":{"email":{"type":"string","description_kind":"plain","required":true},"password":{"type":"string","description_kind":"plain","required":true,"sensitive":true},"url":{"type":"string","description_kind":"plain","required":true}},"description_kind":"plain"},"max_items":1},"aws_lambda":{"nesting_mode":"list","block":{"attributes":{"authorization":{"type":"string","description_kind":"plain","optional":true,"sensitive":true}},"description_kind":"plain"},"max_items":1},"azure_faas":{"nesting_mode":"list","block":{"attributes":{"authorization":{"type":"string","description_kind":"plain","optional":true,"sensitive":true}},"description_kind":"plain"},"max_items":1},"datadog":{"nesting_mode":"list","block":{"attributes":{"api_key":{"type":"string","description_kind":"plain","required":true,"sensitive":true}},"description_kind":"plain"},"max_items":1},"discord":{"nesting_mode":"list","block":{"attributes":{"url":{"type":"string","description_kind":"plain","required":true}},"description_kind":"plain"},"max_items":1},"github":{"nesting_mode":"list","block":{"attributes":{"api_key":{"type":"string","description_kind":"plain","required":true,"sensitive":true}},"description_kind":"plain"},"max_items":1},"google_faas":{"nesting_mode":"list","block":{"attributes":{"authorization":{"type":"string","description_kind":"plain","optional":true,"sensitive":true}},"description_kind":"plain"},"max_items":1},"jira":{"nesting_mode":"list","block":{"attributes":{"email":{"type":"string","description_kind":"plain","required":true},"password":{"type":"string","description_kind":"plain","required":true,"sensitive":true},"url":{"type":"string","description_kind":"plain","required":true}},"description_kind":"plain"},"max_items":1},"mattermost":{"nesting_mode":"list","block":{"attributes":{"url":{"type":"string","description_kind":"plain","required":true}},"description_kind":"plain"},"max_items":1},"microsoft_teams":{"nesting_mode":"list","block":{"attributes":{"url":{"type":"string","description_kind":"plain","required":true}},"description_kind":"plain"},"max_items":1},"servicenow":{"nesting_mode":"list","block":{"attributes":{"password":{"type":"string","description_kind":"plain","required":true,"sensitive":true},"url":{"type":"string","description_kind":"plain","required":true},"username":{"type":"string","description_kind":"plain","required":true}},"description_kind":"plain"},"max_items":1},"status_page_io":{"nesting_mode":"list","block":{"attributes":{"api_key":{"type":"string","description_kind":"plain","required":true,"sensitive":true}},"description_kind":"plain"},"max_items":1},"sysdig":{"nesting_mode":"list","block":{"attributes":{"api_key":{"type":"string","description_kind":"plain","required":true,"sensitive":true}},"description_kind":"plain"},"max_items":1},"topdesk":{"nesting_mode":"list","block":{"attributes":{"password":{"type":"string","description_kind":"plain","required":true,"sensitive":true},"url":{"type":"string","description_kind":"plain","required":true},"username":{"type":"string","description_kind":"plain","required":true}},"description_kind":"plain"},"max_items":1},"zammad":{"nesting_mode":"list","block":{"attributes":{"api_key":{"type":"string","description_kind":"plain","required":true,"sensitive":true},"url":{"type":"string","description_kind":"plain","required":true}},"description_kind":"plain"},"max_items":1},"zendesk":{"nesting_mode":"list","block":{"attributes":{"api_key":{"type":"string","description_kind":"plain","required":true,"sensitive":true},"email":{"type":"string","description_kind":"plain","required":true},"url":{"type":"string","description_kind":"plain","required":true}},"description_kind":"plain"},"max_items":1}},"description_kind":"plain"}},"ilert_escalation_policy":{"version":0,"block":{"attributes":{"frequency":{"type":"number","description_kind":"plain","optional":true},"id":{"type":"string","description_kind":"plain","optional":true,"computed":true},"name":{"type":"string","description_kind":"plain","required":true},"repeating":{"type":"bool","description_kind":"plain","optional":true},"teams":{"type":["list","number"],"description_kind":"plain","optional":true}},"block_types":{"escalation_rule":{"nesting_mode":"list","block":{"attributes":{"escalation_timeout":{"type":"number","description_kind":"plain","optional":true},"schedule":{"type":"string","description_kind":"plain","optional":true},"user":{"type":"string","description_kind":"plain","optional":true}},"description_kind":"plain"}}},"description_kind":"plain"}},"ilert_team":{"version":0,"block":{"attributes":{"id":{"type":"string","description_kind":"plain","optional":true,"computed":true},"name":{"type":"string","description_kind":"plain","required":true},"visibility":{"type":"string","description_kind":"plain","optional":true}},"block_types":{"member":{"nesting_mode":"list","block":{"attributes":{"role":{"type":"string","description_kind":"plain","optional":true},"user":{"type":"string","description_kind":"plain","required":true}},"description_kind":"plain"}}},"description_kind":"plain"}},"ilert_uptime_monitor":{"version":0,"block":{"attributes":{"check_type":{"type":"string","description_kind":"plain","required":true},"create_incident_after_failed_checks":{"type":"number","description_kind":"plain","optional":true},"embed_url":{"type":"string","description_kind":"plain","computed":true},"escalation_policy":{"type":"string","description_kind":"plain","required":true},"id":{"type":"string","description_kind":"plain","optional":true,"computed":true},"interval_sec":{"type":"number","description_kind":"plain","optional":true},"name":{"type":"string","description_kind":"plain","required":true},"paused":{"type":"bool","description_kind":"plain","optional":true},"region":{"type":"string","description_kind":"plain","optional":true},"share_url":{"type":"string","description_kind":"plain","computed":true},"status":{"type":"string","description_kind":"plain","computed":true},"timeout_ms":{"type":"number","description_kind":"plain","optional":true}},"block_types":{"check_params":{"nesting_mode":"list","block":{"attributes":{"host":{"type":"string","description_kind":"plain","optional":true},"port":{"type":"number","description_kind":"plain","optional":true},"url":{"type":"string","description_kind":"plain","optional":true}},"description_kind":"plain"},"min_items":1,"max_items":1}},"description_kind":"plain"}},"ilert_user":{"version":0,"block":{"attributes":{"department":{"type":"string","description_kind":"plain","optional":true},"email":{"type":"string","description_kind":"plain","required":true},"first_name":{"type":"string","description_kind":"plain","required":true},"id":{"type":"string","description_kind":"plain","optional":true,"computed":true},"language":{"type":"string","description_kind":"plain","optional":true},"last_name":{"type":"string","description_kind":"plain","required":true},"position":{"type":"string","description_kind":"plain","optional":true},"role":{"type":"string","description_kind":"plain","optional":true},"subscribed_incident_update_notification_types":{"type":["list","string"],"description_kind":"plain","optional":true},"subscribed_incident_update_states":{"type":["list","string"],"description_kind":"plain","optional":true},"timezone":{"type":"string","description_kind":"plain","optional":true},"username":{"type":"string","description_kind":"plain","required":true}},"block_types":{"high_priority_notification_preference":{"nesting_mode":"list","block":{"attributes":{"delay":{"type":"number","description_kind":"plain","optional":true},"method":{"type":"string","description_kind":"plain","required":true}},"description_kind":"plain"}},"landline":{"nesting_mode":"list","block":{"attributes":{"number":{"type":"string","description_kind":"plain","required":true},"region_code":{"type":"string","description_kind":"plain","required":true}},"description_kind":"plain"},"max_items":1},"low_priority_notification_preference":{"nesting_mode":"list","block":{"attributes":{"delay":{"type":"number","description_kind":"plain","optional":true},"method":{"type":"string","description_kind":"plain","required":true}},"description_kind":"plain"}},"mobile":{"nesting_mode":"list","block":{"attributes":{"number":{"type":"string","description_kind":"plain","required":true},"region_code":{"type":"string","description_kind":"plain","required":true}},"description_kind":"plain"},"max_items":1},"on_call_notification_preference":{"nesting_mode":"list","block":{"attributes":{"before_min":{"type":"number","description_kind":"plain","optional":true},"method":{"type":"string","description_kind":"plain","required":true}},"description_kind":"plain"}}},"description_kind":"plain"}}},"data_source_schemas":{"ilert_alert_source":{"version":0,"block":{"attributes":{"id":{"type":"string","description_kind":"plain","optional":true,"computed":true},"integration_key":{"type":"string","description_kind":"plain","computed":true,"sensitive":true},"integration_url":{"type":"string","description_kind":"plain","computed":true,"sensitive":true},"name":{"type":"string","description_kind":"plain","required":true},"status":{"type":"string","description_kind":"plain","computed":true}},"description_kind":"plain"}},"ilert_connection":{"version":0,"block":{"attributes":{"id":{"type":"string","description_kind":"plain","optional":true,"computed":true},"name":{"type":"string","description_kind":"plain","required":true},"trigger_mode":{"type":"string","description_kind":"plain","computed":true}},"description_kind":"plain"}},"ilert_connector":{"version":0,"block":{"attributes":{"id":{"type":"string","description_kind":"plain","optional":true,"computed":true},"name":{"type":"string","description_kind":"plain","required":true},"type":{"type":"string","description_kind":"plain","computed":true}},"description_kind":"plain"}},"ilert_escalation_policy":{"version":0,"block":{"attributes":{"id":{"type":"string","description_kind":"plain","optional":true,"computed":true},"name":{"type":"string","description_kind":"plain","required":true}},"description_kind":"plain"}},"ilert_schedule":{"version":0,"block":{"attributes":{"id":{"type":"string","description_kind":"plain","optional":true,"computed":true},"name":{"type":"string","description_kind":"plain","required":true}},"description_kind":"plain"}},"ilert_team":{"version":0,"block":{"attributes":{"id":{"type":"string","description_kind":"plain","optional":true,"computed":true},"name":{"type":"string","description_kind":"plain","required":true},"trigger_mode":{"type":"string","description_kind":"plain","computed":true}},"description_kind":"plain"}},"ilert_uptime_monitor":{"version":0,"block":{"attributes":{"embed_url":{"type":"string","description_kind":"plain","computed":true},"id":{"type":"string","description_kind":"plain","optional":true,"computed":true},"name":{"type":"string","description_kind":"plain","required":true},"share_url":{"type":"string","description_kind":"plain","computed":true},"status":{"type":"string","description_kind":"plain","computed":true}},"description_kind":"plain"}},"ilert_user":{"version":0,"block":{"attributes":{"email":{"type":"string","description_kind":"plain","required":true},"id":{"type":"string","description_kind":"plain","optional":true,"computed":true},"username":{"type":"string","description_kind":"plain","computed":true}},"description_kind":"plain"}}}}}}
