{"format_version":"0.2","provider_schemas":{"registry.terraform.io/illumio/illumio-core":{"provider":{"version":0,"block":{"attributes":{"api_secret":{"type":"string","description":"Secret of API Key. This can also be set by environment variable `ILLUMIO_API_KEY_SECRET`","description_kind":"plain","required":true,"sensitive":true},"api_username":{"type":"string","description":"Username of API Key. This can also be set by environment variable `ILLUMIO_API_KEY_USERNAME`","description_kind":"plain","required":true},"backoff_time":{"type":"number","description":"Backoff Time (in seconds) on getting 429 (Too Many Requests). Default value: 10. Note: A default rate limit of 125 requests/min is already in place. A jitter of 1-5 seconds will be added to backoff time to randomize backoff.","description_kind":"plain","optional":true},"ca_file":{"type":"string","description":"The path to CA certificate file (PEM). In case, certificate is based on legacy CN instead of ASN, set env. variable `GODEBUG=x509ignoreCN=0`. This can also be set by environment variable `ILLUMIO_CA_FILE`","description_kind":"plain","optional":true},"insecure":{"type":"string","description":"Allow insecure TLS. Only `yes` will mark it insecure. This can also be set by environment variable `ILLUMIO_ALLOW_INSECURE_TLS`","description_kind":"plain","optional":true},"max_retries":{"type":"number","description":"Maximum retries for an API request. Default value: 3","description_kind":"plain","optional":true},"org_id":{"type":"number","description":"ID of the Organization. Default value: 1","description_kind":"plain","optional":true},"pce_host":{"type":"string","description":"Host URL of Illumio PCE. This can also be set by environment variable `ILLUMIO_PCE_HOST`","description_kind":"plain","required":true},"proxy_creds":{"type":"string","description":"Proxy credential in format `username:password`. This can also be set by environment variable `ILLUMIO_PROXY_CREDENTIALS`","description_kind":"plain","optional":true},"proxy_url":{"type":"string","description":"Proxy Server URL with port number. This can also be set by environment variable `ILLUMIO_PROXY_URL`","description_kind":"plain","optional":true},"request_timeout":{"type":"number","description":"Timeout for HTTP requests. Default value: 30","description_kind":"plain","optional":true}},"description_kind":"plain"}},"resource_schemas":{"illumio-core_container_cluster":{"version":1,"block":{"attributes":{"caps":{"type":["list","string"],"description":"Permission types","description_kind":"plain","computed":true},"container_runtime":{"type":"string","description":"The Container Runtime used in this Cluster","description_kind":"plain","computed":true},"description":{"type":"string","description":"Description of the Cluster","description_kind":"plain","optional":true},"errors":{"type":["list",["object",{"audit_event":["map","string"],"duplicate_ids":["list","string"],"error_type":"string"}]],"description":"Errors for Cluster","description_kind":"plain","computed":true},"href":{"type":"string","description":"URI of the Cluster","description_kind":"plain","computed":true},"id":{"type":"string","description_kind":"plain","optional":true,"computed":true},"kubelink_version":{"type":"string","description":"Kubelink software version string for Cluster","description_kind":"plain","computed":true},"last_connected":{"type":"string","description":"Time the Cluster last connected to","description_kind":"plain","computed":true},"manager_type":{"type":"string","description":"Manager for this Cluster (and version)","description_kind":"plain","computed":true},"name":{"type":"string","description":"Name of the Cluster. The name should be up to 255 characters","description_kind":"plain","optional":true},"nodes":{"type":["list",["object",{"pod_subnet":"string"}]],"description":"Nodes of the Cluster","description_kind":"plain","computed":true},"online":{"type":"bool","description":"Whether the Cluster is online or not","description_kind":"plain","computed":true},"pce_fqdn":{"type":"string","description":"PCE FQDN for this container cluster. Used in Supercluster only","description_kind":"plain","computed":true}},"description":"Manages Illumio Container Cluster","description_kind":"plain"}},"illumio-core_container_cluster_workload_profile":{"version":1,"block":{"attributes":{"container_cluster_href":{"type":"string","description":"URI of Container Cluster","description_kind":"plain","required":true},"created_at":{"type":"string","description":"Timestamp when this label group was first created","description_kind":"plain","computed":true},"created_by":{"type":["map","string"],"description":"User who created this label group","description_kind":"plain","computed":true},"description":{"type":"string","description":"Description of the container workload profile","description_kind":"plain","optional":true},"enforcement_mode":{"type":"string","description":"Enforcement mode of container workload profiles to return. Allowed values for enforcement modes are \"idle\",\"visibility_only\",\"full\", and \"selective\". Default value: \"idle\" ","description_kind":"plain","optional":true},"href":{"type":"string","description":"URI of the container workload profile","description_kind":"plain","computed":true},"id":{"type":"string","description_kind":"plain","optional":true,"computed":true},"linked":{"type":"bool","description":"True if the namespace exists in the cluster and is reported by Kubelink","description_kind":"plain","computed":true},"managed":{"type":"bool","description":"If the namespace is managed or not","description_kind":"plain","optional":true},"name":{"type":"string","description":"A friendly name given to a profile if the namespace is not user-friendly. The name should be up to 255 characters","description_kind":"plain","required":true},"namespace":{"type":"string","description":"Namespace name of the container workload profile","description_kind":"plain","computed":true},"updated_at":{"type":"string","description":"Timestamp when this label group was last updated","description_kind":"plain","computed":true},"updated_by":{"type":["map","string"],"description":"User who last updated this label group","description_kind":"plain","computed":true},"visibility_level":{"type":"string","description":"Visibility Level of the container cluster workload profile","description_kind":"plain","computed":true}},"block_types":{"assign_labels":{"nesting_mode":"set","block":{"attributes":{"href":{"type":"string","description":"URI of the assigned label","description_kind":"plain","required":true}},"description":"Assigned labels container workload profile","description_kind":"plain"}},"labels":{"nesting_mode":"set","block":{"attributes":{"key":{"type":"string","description":"Key of the Label. Allowed values for key are \"role\", \"loc\", \"app\" and \"env\"","description_kind":"plain","required":true}},"block_types":{"assignment":{"nesting_mode":"set","block":{"attributes":{"href":{"type":"string","description":"URI of label","description_kind":"plain","required":true},"value":{"type":"string","description":"Name of label","description_kind":"plain","computed":true}},"description":"The label href to set. Single element list","description_kind":"plain"},"max_items":1},"restriction":{"nesting_mode":"set","block":{"attributes":{"href":{"type":"string","description":"URI of label","description_kind":"plain","required":true},"value":{"type":"string","description":"Name of label","description_kind":"plain","computed":true}},"description":"The list of allowed label hrefs","description_kind":"plain"}}},"description":"Labels to assign to the workload that matches the namespace","description_kind":"plain"}}},"description":"Manages Illumio Container Cluster","description_kind":"plain"}},"illumio-core_enforcement_boundary":{"version":1,"block":{"attributes":{"caps":{"type":["list","string"],"description":"CAPS for Enforcement Boundary","description_kind":"plain","computed":true},"created_at":{"type":"string","description":"Timestamp when this Enforcement Boundary was first created","description_kind":"plain","computed":true},"created_by":{"type":["map","string"],"description":"User who created this Enforcement Boundary","description_kind":"plain","computed":true},"deleted_at":{"type":"string","description":"Timestamp when this Enforcement Boundary was last deleted","description_kind":"plain","computed":true},"deleted_by":{"type":["map","string"],"description":"User who last deleted this Enforcement Boundary","description_kind":"plain","computed":true},"href":{"type":"string","description":"URI of this Enforcement Boundary","description_kind":"plain","computed":true},"id":{"type":"string","description_kind":"plain","optional":true,"computed":true},"name":{"type":"string","description":"Name of the Enforcement Boundary","description_kind":"plain","required":true},"updated_at":{"type":"string","description":"Timestamp when this Enforcement Boundary was last updated","description_kind":"plain","computed":true},"updated_by":{"type":["map","string"],"description":"User who last updated this Enforcement Boundary","description_kind":"plain","computed":true}},"block_types":{"consumers":{"nesting_mode":"set","block":{"attributes":{"actors":{"type":"string","description":"actors for consumers parameter. Allowed values is \"ams\"","description_kind":"plain","optional":true}},"block_types":{"ip_list":{"nesting_mode":"set","block":{"attributes":{"href":{"type":"string","description":"URI of IP List","description_kind":"plain","required":true}},"description":"Href of IP List","description_kind":"plain"},"max_items":1},"label":{"nesting_mode":"set","block":{"attributes":{"href":{"type":"string","description":"URI of Label","description_kind":"plain","required":true}},"description":"Href of Label","description_kind":"plain"},"max_items":1},"label_group":{"nesting_mode":"set","block":{"attributes":{"href":{"type":"string","description":"URI of Label Group","description_kind":"plain","required":true}},"description":"Href of Label Group","description_kind":"plain"},"max_items":1}},"description":"Consumers for Enforcement Boundary. Only one actor can be specified in one consumers block","description_kind":"plain"},"min_items":1},"ingress_services":{"nesting_mode":"set","block":{"attributes":{"href":{"type":"string","description":"URI of Service","description_kind":"plain","optional":true},"port":{"type":"string","description":"Port number used with protocol or starting port when specifying a range. Allowed range is 0-65535","description_kind":"plain","optional":true},"proto":{"type":"string","description":"Protocol number. Allowed values are 6 (TCP) and 17 (UDP)","description_kind":"plain","optional":true},"to_port":{"type":"string","description":"Upper end of port range. Allowed range is 0-65535","description_kind":"plain","optional":true}},"description":"Collection of Ingress Service. Only one of the {\"href\"} or {\"proto\", \"port\", \"to_port\"} parameter combination is allowed","description_kind":"plain"},"min_items":1},"providers":{"nesting_mode":"set","block":{"attributes":{"actors":{"type":"string","description":"actors for providers. Valid value is \"ams\"","description_kind":"plain","optional":true}},"block_types":{"ip_list":{"nesting_mode":"set","block":{"attributes":{"href":{"type":"string","description":"URI of IP List","description_kind":"plain","required":true}},"description":"Href of IP List","description_kind":"plain"},"max_items":1},"label":{"nesting_mode":"set","block":{"attributes":{"href":{"type":"string","description":"URI of Label","description_kind":"plain","required":true}},"description":"Href of Label","description_kind":"plain"},"max_items":1},"label_group":{"nesting_mode":"set","block":{"attributes":{"href":{"type":"string","description":"URI of Label Group","description_kind":"plain","required":true}},"description":"Href of Label Group","description_kind":"plain"},"max_items":1}},"description":"providers for Enforcement Boundary. Only one actor can be specified in one providers block","description_kind":"plain"},"min_items":1}},"description":"Manages Illumio Enforcement Boundary","description_kind":"plain"}},"illumio-core_firewall_settings":{"version":1,"block":{"attributes":{"created_at":{"type":"string","description":"Timestamp when these firewall settings were first created","description_kind":"plain","computed":true},"created_by":{"type":["map","string"],"description":"User who created this resource","description_kind":"plain","computed":true},"deleted_at":{"type":"string","description":"Timestamp when these firewall settings were deleted","description_kind":"plain","computed":true},"deleted_by":{"type":["map","string"],"description":"User who deleted this resource","description_kind":"plain","computed":true},"href":{"type":"string","description":"URI of Firewall Settings","description_kind":"plain","computed":true},"id":{"type":"string","description_kind":"plain","optional":true,"computed":true},"ike_authentication_type":{"type":"string","description":"IKE authentication type to use for IPsec (SecureConnect and Machine Authentication). Allowed values are \"psk\" and \"certificate\"","description_kind":"plain","required":true},"update_type":{"type":"string","description":"Type of Update","description_kind":"plain","computed":true},"updated_at":{"type":"string","description":"Timestamp when these firewall settings were last updated","description_kind":"plain","computed":true},"updated_by":{"type":["map","string"],"description":"User who last updated this resource","description_kind":"plain","computed":true}},"block_types":{"blocked_connection_reject_scopes":{"nesting_mode":"list","block":{"block_types":{"label":{"nesting_mode":"set","block":{"attributes":{"href":{"type":"string","description":"URI of Label","description_kind":"plain","required":true}},"description":"Href of Label","description_kind":"plain"}},"label_group":{"nesting_mode":"set","block":{"attributes":{"href":{"type":"string","description":"URI of Label Group","description_kind":"plain","required":true}},"description":"Href of Label Group","description_kind":"plain"}}},"description":"scopes for reject connections. Either label or label_group can be specified","description_kind":"plain"}},"containers_inherit_host_policy_scopes":{"nesting_mode":"list","block":{"block_types":{"label":{"nesting_mode":"set","block":{"attributes":{"href":{"type":"string","description":"URI of Label","description_kind":"plain","required":true}},"description":"Href of Label","description_kind":"plain"}},"label_group":{"nesting_mode":"set","block":{"attributes":{"href":{"type":"string","description":"URI of Label Group","description_kind":"plain","required":true}},"description":"Href of Label Group","description_kind":"plain"}}},"description":"scopes for container inherit host policy. Either label or label_group can be specified","description_kind":"plain"}},"firewall_coexistence":{"nesting_mode":"list","block":{"attributes":{"illumio_primary":{"type":"bool","description":"Whether Illumio is primary firewall or not","description_kind":"plain","required":true},"workload_mode":{"type":"string","description":"Match criteria to select workload(s). Allowed values are \"enforced\" and \"illuminated\"","description_kind":"plain","optional":true}},"block_types":{"scope":{"nesting_mode":"list","block":{"attributes":{"href":{"type":"string","description":"Href of Label","description_kind":"plain","required":true}},"description":"List of Href of label","description_kind":"plain"},"min_items":1}},"description":"Firewall coexistence configuration","description_kind":"plain"}},"loopback_interfaces_in_policy_scopes":{"nesting_mode":"list","block":{"block_types":{"label":{"nesting_mode":"set","block":{"attributes":{"href":{"type":"string","description":"URI of Label","description_kind":"plain","required":true}},"description":"Href of Label","description_kind":"plain"}},"label_group":{"nesting_mode":"set","block":{"attributes":{"href":{"type":"string","description":"URI of Label Group","description_kind":"plain","required":true}},"description":"Href of Label Group","description_kind":"plain"}}},"description":"scopes for loopback interface. Either label or label_group can be specified","description_kind":"plain"}},"static_policy_scopes":{"nesting_mode":"list","block":{"block_types":{"label":{"nesting_mode":"set","block":{"attributes":{"href":{"type":"string","description":"URI of Label","description_kind":"plain","required":true}},"description":"Href of Label","description_kind":"plain"}},"label_group":{"nesting_mode":"set","block":{"attributes":{"href":{"type":"string","description":"URI of Label Group","description_kind":"plain","required":true}},"description":"Href of Label Group","description_kind":"plain"}}},"description":"scopes for static policy. Either label or label_group can be specified","description_kind":"plain"}}},"description":"Manages Illumio Firewall Settings","description_kind":"plain"}},"illumio-core_ip_list":{"version":1,"block":{"attributes":{"created_at":{"type":"string","description":"Timestamp when this IP List was first created","description_kind":"plain","computed":true},"created_by":{"type":["map","string"],"description":"User who created this IP List","description_kind":"plain","computed":true},"deleted_at":{"type":"string","description":"Timestamp when this IP List was last deleted","description_kind":"plain","computed":true},"deleted_by":{"type":["map","string"],"description":"User who last deleted this IP List","description_kind":"plain","computed":true},"description":{"type":"string","description":"Description of the IP List","description_kind":"plain","optional":true},"external_data_reference":{"type":"string","description":"A unique identifier within the external data source","description_kind":"plain","optional":true},"external_data_set":{"type":"string","description":"The data source from which a resource originates","description_kind":"plain","optional":true},"href":{"type":"string","description":"URI of this IP List","description_kind":"plain","computed":true},"id":{"type":"string","description_kind":"plain","optional":true,"computed":true},"name":{"type":"string","description":"Name of the IP List. The name should be between 1 to 255 characters","description_kind":"plain","required":true},"updated_at":{"type":"string","description":"Timestamp when this IP List was last updated","description_kind":"plain","computed":true},"updated_by":{"type":["map","string"],"description":"User who last updated this IP List","description_kind":"plain","computed":true}},"block_types":{"fqdns":{"nesting_mode":"set","block":{"attributes":{"description":{"type":"string","description":"Description of FQDN","description_kind":"plain","optional":true},"fqdn":{"type":"string","description":"Fully Qualified Domain Name for IP List. Supported formats are hostname, IP, and URI","description_kind":"plain","required":true}},"description":"Collection of Fully Qualified Domain Names","description_kind":"plain"}},"ip_ranges":{"nesting_mode":"set","block":{"attributes":{"description":{"type":"string","description":"Description of IP Range","description_kind":"plain","optional":true},"exclusion":{"type":"bool","description":"Whether this IP address is an exclusion. Exclusions must be a strict subset of inclusive IP addresses","description_kind":"plain","optional":true},"from_ip":{"type":"string","description":"IP address or a low end of IP range. Might be specified with CIDR notation. The IP given should be in CIDR format example \"0.0.0.0/0\"","description_kind":"plain","required":true},"to_ip":{"type":"string","description":"High end of an IP range","description_kind":"plain","optional":true}},"description":"IP addresses or ranges","description_kind":"plain"}}},"description":"Manages Illumio IP List","description_kind":"plain"}},"illumio-core_label":{"version":1,"block":{"attributes":{"created_at":{"type":"string","description":"Timestamp when this label was first created","description_kind":"plain","computed":true},"created_by":{"type":["map","string"],"description":"User who created this label","description_kind":"plain","computed":true},"deleted":{"type":"bool","description":"Flag to indicate whether deleted or not","description_kind":"plain","computed":true},"external_data_reference":{"type":"string","description":"A unique identifier within the external data source","description_kind":"plain","optional":true},"external_data_set":{"type":"string","description":"The data source from which a resource originates","description_kind":"plain","optional":true},"href":{"type":"string","description":"URI of this label","description_kind":"plain","computed":true},"id":{"type":"string","description_kind":"plain","optional":true,"computed":true},"key":{"type":"string","description":"Key in key-value pair. Allowed values for key are \"role\", \"loc\", \"app\" and \"env\".","description_kind":"plain","required":true},"updated_at":{"type":"string","description":"Timestamp when this label was last updated","description_kind":"plain","computed":true},"updated_by":{"type":["map","string"],"description":"User who last updated this label","description_kind":"plain","computed":true},"value":{"type":"string","description":"Value in key-value pair","description_kind":"plain","required":true}},"description":"Manages Illumio Label","description_kind":"plain"}},"illumio-core_label_group":{"version":1,"block":{"attributes":{"created_at":{"type":"string","description":"Timestamp when this label group was first created","description_kind":"plain","computed":true},"created_by":{"type":["map","string"],"description":"User who created this label group","description_kind":"plain","computed":true},"deleted_at":{"type":"string","description":"Timestamp when this label group was last deleted","description_kind":"plain","computed":true},"deleted_by":{"type":["map","string"],"description":"User who deleted this label group","description_kind":"plain","computed":true},"description":{"type":"string","description":"The long description of the label group","description_kind":"plain","required":true},"external_data_reference":{"type":"string","description":"A unique identifier within the external data source","description_kind":"plain","optional":true},"external_data_set":{"type":"string","description":"The data source from which a resource originates","description_kind":"plain","optional":true},"href":{"type":"string","description":"URI of this label group","description_kind":"plain","computed":true},"id":{"type":"string","description_kind":"plain","optional":true,"computed":true},"key":{"type":"string","description":"Key in key-value pair of contained labels or label groups. Allowed values are \"role\", \"loc\", \"app\" and \"env\"","description_kind":"plain","required":true},"name":{"type":"string","description":"Name of the label group","description_kind":"plain","required":true},"updated_at":{"type":"string","description":"Timestamp when this label group was last updated","description_kind":"plain","computed":true},"updated_by":{"type":["map","string"],"description":"User who last updated this label group","description_kind":"plain","computed":true}},"block_types":{"labels":{"nesting_mode":"set","block":{"attributes":{"href":{"type":"string","description":"URI of label","description_kind":"plain","required":true},"key":{"type":"string","description":"Key in key-value pair","description_kind":"plain","computed":true},"value":{"type":"string","description":"Value in key-value pair","description_kind":"plain","computed":true}},"description":"Contained labels","description_kind":"plain"}},"sub_groups":{"nesting_mode":"set","block":{"attributes":{"href":{"type":"string","description":"URI of label group","description_kind":"plain","required":true},"name":{"type":"string","description":"Key in key-value pair","description_kind":"plain","computed":true}},"description":"Contained label groups","description_kind":"plain"}}},"description":"Manages Illumio Label Group","description_kind":"plain"}},"illumio-core_organization_settings":{"version":1,"block":{"attributes":{"audit_event_min_severity":{"type":"string","description":"Minimum severity level of audit event messages. Allowed values are \"error\", \"warning\", and \"informational\" ","description_kind":"plain","required":true},"audit_event_retention_seconds":{"type":"number","description":"The time in seconds an audit event is stored in the database. The value should be between 86400 and 17280000","description_kind":"plain","required":true},"format":{"type":"string","description":"The log format (JSON, CEF, LEEF), which applies to all remote Syslog destinations. Allowed values are \"JSON\", \"CEF\", and \"LEEF\" ","description_kind":"plain","required":true},"id":{"type":"string","description_kind":"plain","optional":true,"computed":true}},"description":"Manages Illumio Organization Settings","description_kind":"plain"}},"illumio-core_pairing_keys":{"version":1,"block":{"attributes":{"activation_tokens":{"type":["list",["object",{"activation_token":"string","nonce":"string"}]],"description":"List of activation tokens","description_kind":"plain","computed":true},"id":{"type":"string","description_kind":"plain","optional":true,"computed":true},"pairing_profile_href":{"type":"string","description":"Href of pairing profile","description_kind":"plain","required":true},"token_count":{"type":"number","description":"Count of token to generate/maintain. It can be accessed in `activation_tokens` On increasing the count, new activation tokens will be generated. On decreasing the count `activation_tokens` list will shrink to that size and extra keys will be discarded. Allowed range is 1 to 5","description_kind":"plain","required":true}},"description":"Manages Illumio Pairing Keys","description_kind":"plain"}},"illumio-core_pairing_profile":{"version":1,"block":{"attributes":{"agent_software_release":{"type":"string","description":"Agent software release associated with this paring profile. Default value: \"Default ()\"","description_kind":"plain","optional":true},"allowed_uses_per_key":{"type":"string","description":"The number of times pairing profile keys can be usedd. Allowed values are range(1-2147483647) and \"unlimited\". Default value: \"unlimited\"","description_kind":"plain","optional":true},"app_label_lock":{"type":"bool","description":"Flag that controls whether app label can be overridden from pairing script. Default value: true","description_kind":"plain","optional":true},"caps":{"type":["list","string"],"description":"CAPS for Workload","description_kind":"plain","computed":true},"created_at":{"type":"string","description":"Timestamp when this pairing profile was first created","description_kind":"plain","computed":true},"created_by":{"type":["map","string"],"description":"User who created this pairing profile","description_kind":"plain","computed":true},"description":{"type":"string","description":"The long description of the pairing profile","description_kind":"plain","optional":true},"enabled":{"type":"bool","description":"The enabled flag of the pairing profile","description_kind":"plain","required":true},"enforcement_mode":{"type":"string","description":"Flag that controls whether mode can be overridden from pairing script. Allowed values are \"idle\", \"visibility_only\", \"full\" and \"selective\". Default value: \"visibility_only\"","description_kind":"plain","optional":true},"enforcement_mode_lock":{"type":"bool","description":"Flag that controls whether enforcement mode can be overridden from pairing script, Default value: true","description_kind":"plain","optional":true},"env_label_lock":{"type":"bool","description":"Flag that controls whether env label can be overridden from pairing script. Default value: true","description_kind":"plain","optional":true},"external_data_reference":{"type":"string","description":"A unique identifier within the external data source","description_kind":"plain","optional":true},"external_data_set":{"type":"string","description":"The data source from which a resource originates","description_kind":"plain","optional":true},"href":{"type":"string","description":"URI of this pairing profile","description_kind":"plain","computed":true},"id":{"type":"string","description_kind":"plain","optional":true,"computed":true},"is_default":{"type":"bool","description":"Flag indicating this is default auto-created pairing profile","description_kind":"plain","computed":true},"key_lifespan":{"type":"string","description":"Number of seconds pairing profile keys will be valid for. Allowed values are range(1-2147483647) and \"unlimited\". Default value: \"unlimited\"","description_kind":"plain","optional":true},"last_pairing_at":{"type":"string","description":"Timestamp when this pairing profile was last used for pairing a workload","description_kind":"plain","computed":true},"loc_label_lock":{"type":"bool","description":"Flag that controls whether loc label can be overridden from pairing script. Default value: true","description_kind":"plain","optional":true},"log_traffic":{"type":"bool","description":"Status of VEN(alternative of status). Default value: false","description_kind":"plain","optional":true},"log_traffic_lock":{"type":"bool","description":"Flag that controls whether log_traffic can be overridden from pairing script. Default value: true","description_kind":"plain","optional":true},"name":{"type":"string","description":"The short friendly name of the pairing profile. The name should be between 1 to 255 characters","description_kind":"plain","required":true},"role_label_lock":{"type":"bool","description":"Flag that controls whether role label can be overridden from pairing script. Default value: true","description_kind":"plain","optional":true},"status":{"type":"string","description":"State of VEN","description_kind":"plain","computed":true},"status_lock":{"type":"bool","description":"Flag that controls whether status can be overridden from pairing script","description_kind":"plain","computed":true},"total_use_count":{"type":"number","description":"The number of times the pairing profile has been used","description_kind":"plain","computed":true},"updated_at":{"type":"string","description":"Timestamp when this pairing profile was last updated","description_kind":"plain","computed":true},"updated_by":{"type":["map","string"],"description":"User who last updated this pairing profile","description_kind":"plain","computed":true},"visibility_level":{"type":"string","description":"Visibility level of the agent. Allowed values are \"flow_full_detail\", \"flow_summary\", \"flow_drops\", \"flow_off\" and \"enhanced_data_collection\". Default value: \"flow_summary\"","description_kind":"plain","optional":true},"visibility_level_lock":{"type":"bool","description":"Flag that controls whether visibility_level can be overridden from pairing script. Default value: true","description_kind":"plain","optional":true}},"block_types":{"labels":{"nesting_mode":"set","block":{"attributes":{"href":{"type":"string","description":"Label URI","description_kind":"plain","required":true}},"description":"Assigned labels","description_kind":"plain"}}},"description":"Manages Illumio Pairing Profile","description_kind":"plain"}},"illumio-core_rule_set":{"version":1,"block":{"attributes":{"created_at":{"type":"string","description":"Timestamp when this ruleset was first created","description_kind":"plain","computed":true},"created_by":{"type":["map","string"],"description":"User who created this ruleset","description_kind":"plain","computed":true},"deleted_at":{"type":"string","description":"Timestamp when this ruleset was deleted","description_kind":"plain","computed":true},"deleted_by":{"type":["map","string"],"description":"User who deleted this ruleset","description_kind":"plain","computed":true},"description":{"type":"string","description":"Description of Ruleset","description_kind":"plain","optional":true},"enabled":{"type":"bool","description":"Enabled flag. Determines whether the Ruleset is enabled or not. Default value: true","description_kind":"plain","optional":true},"external_data_reference":{"type":"string","description":"External data reference identifier","description_kind":"plain","optional":true},"external_data_set":{"type":"string","description":"External data set identifier","description_kind":"plain","optional":true},"href":{"type":"string","description":"URI of Ruleset","description_kind":"plain","computed":true},"id":{"type":"string","description_kind":"plain","optional":true,"computed":true},"name":{"type":"string","description":"Name of Ruleset. Valid name should be between 1 to 255 characters","description_kind":"plain","required":true},"update_type":{"type":"string","description":"Type of update","description_kind":"plain","computed":true},"updated_at":{"type":"string","description":"Timestamp when this ruleset was last updated","description_kind":"plain","computed":true},"updated_by":{"type":["map","string"],"description":"User who last updated this ruleset","description_kind":"plain","computed":true}},"block_types":{"ip_tables_rules":{"nesting_mode":"set","block":{"attributes":{"created_at":{"type":"string","description":"Timestamp when this IP Table Rule was first created","description_kind":"plain","computed":true},"created_by":{"type":["map","string"],"description":"User who created this IP Table Rule","description_kind":"plain","computed":true},"deleted_at":{"type":"string","description":"Timestamp when this IP Table Rule was deleted","description_kind":"plain","computed":true},"deleted_by":{"type":["map","string"],"description":"User who deleted this IP Table Rule","description_kind":"plain","computed":true},"description":{"type":"string","description":"Description of the IP Tables Rules","description_kind":"plain","optional":true},"enabled":{"type":"bool","description":"Enabled flag. Determines whether this IP Tables Rule is enabled or not","description_kind":"plain","required":true},"href":{"type":"string","description":"URI of the Ip Tables Rules","description_kind":"plain","computed":true},"ip_version":{"type":"string","description":"IP version for the rules to be applied to. Allowed values are \"4\" and \"6\"","description_kind":"plain","required":true},"update_type":{"type":"string","description":"Type of update for IP Table Rule","description_kind":"plain","computed":true},"updated_at":{"type":"string","description":"Timestamp when this IP Table Rule was last updated","description_kind":"plain","computed":true},"updated_by":{"type":["map","string"],"description":"User who last updated this IP Table Rule","description_kind":"plain","computed":true}},"block_types":{"actors":{"nesting_mode":"set","block":{"attributes":{"actors":{"type":"string","description":"Set this if rule actors are all workloads. Allowed value is \"ams\"","description_kind":"plain","optional":true}},"block_types":{"label":{"nesting_mode":"set","block":{"attributes":{"href":{"type":"string","description":"URI of Label","description_kind":"plain","required":true}},"description":"Href of Label","description_kind":"plain"},"max_items":1},"label_group":{"nesting_mode":"set","block":{"attributes":{"href":{"type":"string","description":"URI of Label Group","description_kind":"plain","required":true}},"description":"Href of Label Group","description_kind":"plain"},"max_items":1},"workload":{"nesting_mode":"set","block":{"attributes":{"href":{"type":"string","description":"URI of Workload","description_kind":"plain","required":true}},"description":"Href of Workload","description_kind":"plain"},"max_items":1}},"description":"actors for IP Table Rule","description_kind":"plain"},"min_items":1},"statements":{"nesting_mode":"set","block":{"attributes":{"chain_name":{"type":"string","description":"Chain name for statement. Allowed values are \"PREROUTING\", \"INPUT\" and \"OUTPUT\"","description_kind":"plain","required":true},"parameters":{"type":"string","description":"Parameters of statements","description_kind":"plain","required":true},"table_name":{"type":"string","description":"Name of the table. Allowed values are \"nat\", \"mangle\" and \"filter\"","description_kind":"plain","required":true}},"description":"statements for this IP Tables Rule","description_kind":"plain"},"min_items":1}},"description":"Collection of IP Tables Rules","description_kind":"plain"}},"scopes":{"nesting_mode":"list","block":{"block_types":{"label":{"nesting_mode":"set","block":{"attributes":{"href":{"type":"string","description":"URI of Label","description_kind":"plain","required":true}},"description":"Href of Label","description_kind":"plain"}},"label_group":{"nesting_mode":"set","block":{"attributes":{"href":{"type":"string","description":"URI of Label Group","description_kind":"plain","required":true}},"description":"Href of Label Group","description_kind":"plain"}}},"description":"scopes for Ruleset. At most 3 blocks of label/label_group can be specified inside each scope block","description_kind":"plain"},"min_items":1}},"description":"Manages Illumio Ruleset","description_kind":"plain"}},"illumio-core_security_rule":{"version":1,"block":{"attributes":{"created_at":{"type":"string","description":"Timestamp when this security rule was first created","description_kind":"plain","computed":true},"created_by":{"type":["map","string"],"description":"User who created this security rule","description_kind":"plain","computed":true},"deleted_at":{"type":"string","description":"Timestamp when this security rule was deleted","description_kind":"plain","computed":true},"deleted_by":{"type":["map","string"],"description":"User who deleted this security rule","description_kind":"plain","computed":true},"description":{"type":"string","description":"Description of Security Rule","description_kind":"plain","optional":true},"enabled":{"type":"bool","description":"Enabled flag. Determines whether the rule will be enabled in ruleset or not","description_kind":"plain","required":true},"external_data_reference":{"type":"string","description":"External data reference identifier","description_kind":"plain","optional":true},"external_data_set":{"type":"string","description":"External data set identifier","description_kind":"plain","optional":true},"href":{"type":"string","description":"URI of Security Rule","description_kind":"plain","computed":true},"id":{"type":"string","description_kind":"plain","optional":true,"computed":true},"machine_auth":{"type":"bool","description":"Determines whether machine authentication is enabled. Defaule Value: false","description_kind":"plain","optional":true},"rule_set_href":{"type":"string","description":"URI of Rule set, in which security rule will be added","description_kind":"plain","required":true},"sec_connect":{"type":"bool","description":"Determines whether a secure connection is established. Defaule Value: false","description_kind":"plain","optional":true},"stateless":{"type":"bool","description":"Determines whether packet filtering is stateless for the rule. Defaule Value: false","description_kind":"plain","optional":true},"unscoped_consumers":{"type":"bool","description":"Set the scope for rule consumers to All. Defaule Value: false","description_kind":"plain","optional":true},"update_type":{"type":"string","description":"Type of update","description_kind":"plain","computed":true},"updated_at":{"type":"string","description":"Timestamp when this security rule was last updated","description_kind":"plain","computed":true},"updated_by":{"type":["map","string"],"description":"User who last updated this security rule","description_kind":"plain","computed":true}},"block_types":{"consumers":{"nesting_mode":"set","block":{"attributes":{"actors":{"type":"string","description":"actors for consumers parameter. Allowed values are \"ams\" and \"container_host\"","description_kind":"plain","optional":true}},"block_types":{"ip_list":{"nesting_mode":"set","block":{"attributes":{"href":{"type":"string","description":"URI of IP List","description_kind":"plain","required":true}},"description":"Href of IP List","description_kind":"plain"},"max_items":1},"label":{"nesting_mode":"set","block":{"attributes":{"href":{"type":"string","description":"URI of Label","description_kind":"plain","required":true}},"description":"Href of Label","description_kind":"plain"},"max_items":1},"label_group":{"nesting_mode":"set","block":{"attributes":{"href":{"type":"string","description":"URI of Label Group","description_kind":"plain","required":true}},"description":"Href of Label Group","description_kind":"plain"},"max_items":1},"virtual_service":{"nesting_mode":"set","block":{"attributes":{"href":{"type":"string","description":"URI of Virtual Service","description_kind":"plain","required":true}},"description":"Href of Virtual Service","description_kind":"plain"},"max_items":1},"workload":{"nesting_mode":"set","block":{"attributes":{"href":{"type":"string","description":"URI of Workload","description_kind":"plain","required":true}},"description":"Href of Workload","description_kind":"plain"},"max_items":1}},"description":"Consumers for Security Rule. Only one actor can be specified in one consumer block","description_kind":"plain"},"min_items":1},"ingress_services":{"nesting_mode":"set","block":{"attributes":{"href":{"type":"string","description":"URI of Service","description_kind":"plain","optional":true},"port":{"type":"string","description":"Port number used with protocol or starting port when specifying a range. Allowed range is 0-65535","description_kind":"plain","optional":true},"proto":{"type":"string","description":"Protocol number. Allowed values are 6 (TCP) and 17 (UDP)","description_kind":"plain","optional":true},"to_port":{"type":"string","description":"Upper end of port range. Allowed range is 0-65535","description_kind":"plain","optional":true}},"description":"Collection of Ingress Service. If resolve_label_as.providers list includes \"workloads\" then ingress_service is required. Only one of the {\"href\"} or {\"proto\", \"port\", \"to_port\"} parameter combination is allowed","description_kind":"plain"}},"providers":{"nesting_mode":"set","block":{"attributes":{"actors":{"type":"string","description":"actors for providers. Allowed value is \"ams\"","description_kind":"plain","optional":true}},"block_types":{"ip_list":{"nesting_mode":"set","block":{"attributes":{"href":{"type":"string","description":"URI of IP List","description_kind":"plain","required":true}},"description":"Href of IP List","description_kind":"plain"},"max_items":1},"label":{"nesting_mode":"set","block":{"attributes":{"href":{"type":"string","description":"URI of Label","description_kind":"plain","required":true}},"description":"Href of Label","description_kind":"plain"},"max_items":1},"label_group":{"nesting_mode":"set","block":{"attributes":{"href":{"type":"string","description":"URI of Label Group","description_kind":"plain","required":true}},"description":"Href of Label Group","description_kind":"plain"},"max_items":1},"virtual_server":{"nesting_mode":"set","block":{"attributes":{"href":{"type":"string","description":"URI of Virtual Server","description_kind":"plain","required":true}},"description":"Href of Virtual Server","description_kind":"plain"},"max_items":1},"virtual_service":{"nesting_mode":"set","block":{"attributes":{"href":{"type":"string","description":"URI of Virtual Service","description_kind":"plain","required":true}},"description":"Href of Virtual Service","description_kind":"plain"},"max_items":1},"workload":{"nesting_mode":"set","block":{"attributes":{"href":{"type":"string","description":"URI of Workload","description_kind":"plain","required":true}},"description":"Href of Workload","description_kind":"plain"},"max_items":1}},"description":"providers for Security Rule. Only one actor can be specified in one providers block","description_kind":"plain"},"min_items":1},"resolve_labels_as":{"nesting_mode":"list","block":{"attributes":{"consumers":{"type":["set","string"],"description":"consumers for resolve_labels_as. Allowed values are \"workloads\", \"virtual_services\"","description_kind":"plain","required":true},"providers":{"type":["set","string"],"description":"providers for resolve_labels_as. Allowed values are \"workloads\", \"virtual_services\"","description_kind":"plain","required":true}},"description":"resolve label as for Security rule","description_kind":"plain"},"min_items":1,"max_items":1}},"description":"Manages Illumio Security Rule","description_kind":"plain"}},"illumio-core_service":{"version":1,"block":{"attributes":{"created_at":{"type":"string","description":"Timestamp when this Service was first created","description_kind":"plain","computed":true},"created_by":{"type":["map","string"],"description":"User who created this Service","description_kind":"plain","computed":true},"deleted_at":{"type":"string","description":"Timestamp when this Service was deleted","description_kind":"plain","computed":true},"deleted_by":{"type":["map","string"],"description":"User who deleted this Service","description_kind":"plain","computed":true},"description":{"type":"string","description":"Long description of the Service","description_kind":"plain","optional":true},"description_url":{"type":"string","description":"Description URL Read-only to prevent XSS attacks","description_kind":"plain","computed":true},"external_data_reference":{"type":"string","description":"External data reference identifier","description_kind":"plain","optional":true},"external_data_set":{"type":"string","description":"External data set identifier","description_kind":"plain","optional":true},"href":{"type":"string","description":"URI of the service","description_kind":"plain","computed":true},"id":{"type":"string","description_kind":"plain","optional":true,"computed":true},"name":{"type":"string","description":"Name of the Service (does not need to be unique). The name should be between 1 to 255 characters","description_kind":"plain","required":true},"process_name":{"type":"string","description":"The process name. The name should be between 1 to 255 characters","description_kind":"plain","optional":true},"update_type":{"type":"string","description":"Type of update","description_kind":"plain","computed":true},"updated_at":{"type":"string","description":"Timestamp when this Service was last updated","description_kind":"plain","computed":true},"updated_by":{"type":["map","string"],"description":"User who last updated this Service","description_kind":"plain","computed":true}},"block_types":{"service_ports":{"nesting_mode":"set","block":{"attributes":{"icmp_code":{"type":"string","description":"ICMP Code. Allowed when proto is 1 (ICMP) or 58 (ICMPv6). Allowed range is 0 - 15","description_kind":"plain","optional":true},"icmp_type":{"type":"string","description":"ICMP Type. Allowed when proto is 1 (ICMP) or 58 (ICMPv6). Allowed range is 0 - 255","description_kind":"plain","optional":true},"port":{"type":"string","description":"Port Number. Also, the starting port when specifying a range. Allowed when value of proto is 6 or 17. Allowed range is 0 - 65535","description_kind":"plain","optional":true},"proto":{"type":"string","description":"Transport protocol. Allowed values are -1, 1, 2, 4, 6, 17, 47, 58 and 94","description_kind":"plain","required":true},"to_port":{"type":"string","description":"High end of port range if specifying a range. Allowed range is 0 - 65535","description_kind":"plain","optional":true}},"description":"Service ports","description_kind":"plain"}},"windows_services":{"nesting_mode":"set","block":{"attributes":{"icmp_code":{"type":"string","description":"ICMP Code. Allowed when proto is 1 (ICMP) or 58 (ICMPv6). Allowed range 0 - 15","description_kind":"plain","optional":true},"icmp_type":{"type":"string","description":"ICMP Type. Allowed when proto is 1 (ICMP) or 58 (ICMPv6). Allowed range is 0 - 255","description_kind":"plain","optional":true},"port":{"type":"string","description":"Port Number. Also, the starting port when specifying a range. Allowed when value of proto is 6 or 17. Allowed range is 0 - 65535","description_kind":"plain","optional":true},"process_name":{"type":"string","description":"Name of running process","description_kind":"plain","optional":true},"proto":{"type":"string","description":"Transport protocol. Allowed values are -1, 1, 2, 4, 6, 17, 47, 58 and 94","description_kind":"plain","optional":true},"service_name":{"type":"string","description":"Name of Windows Service","description_kind":"plain","optional":true},"to_port":{"type":"string","description":"High end of port range if specifying a range. Allowed range is 0 - 65535","description_kind":"plain","optional":true}},"description":"Windows services","description_kind":"plain"}}},"description":"Manages Illumio Security Service","description_kind":"plain"}},"illumio-core_service_binding":{"version":1,"block":{"attributes":{"bound_service":{"type":["map","string"],"description":"Bound service href","description_kind":"plain","computed":true},"external_data_reference":{"type":"string","description":"External Data reference identifier","description_kind":"plain","optional":true},"external_data_set":{"type":"string","description":"External Data Set identifier","description_kind":"plain","optional":true},"href":{"type":"string","description":"URI of the Service Binding","description_kind":"plain","computed":true},"id":{"type":"string","description_kind":"plain","optional":true,"computed":true}},"block_types":{"container_workload":{"nesting_mode":"list","block":{"attributes":{"href":{"type":"string","description":"Container Workload URI","description_kind":"plain","required":true}},"description":"Container Workload href","description_kind":"plain"},"max_items":1},"port_overrides":{"nesting_mode":"set","block":{"attributes":{"new_port":{"type":"number","description":"Overriding port number (or starting point when specifying a range). Allowed range is 0 - 65535","description_kind":"plain","required":true},"new_to_port":{"type":"number","description":"Overriding port range ending port. Allowed range is 0 - 65535","description_kind":"plain","optional":true},"port":{"type":"number","description":"Port Number in the original service which to override (integer 0-65535). Starting port when specifying a range","description_kind":"plain","optional":true},"proto":{"type":"number","description":"Transport protocol in the original service which to override. Allowed values are 6 (TCP) and 17 (UDP)","description_kind":"plain","optional":true}},"description":"Port Overrides for Service Bindings","description_kind":"plain"}},"virtual_service":{"nesting_mode":"list","block":{"attributes":{"href":{"type":"string","description":"Virtual Service URI","description_kind":"plain","required":true}},"description":"Virtual service href","description_kind":"plain"},"min_items":1,"max_items":1},"workload":{"nesting_mode":"list","block":{"attributes":{"deleted":{"type":"bool","description":"Determines whether the workload is deleted","description_kind":"plain","computed":true},"hostname":{"type":"string","description":"Workload Hostname","description_kind":"plain","computed":true},"href":{"type":"string","description":"Workload URI","description_kind":"plain","required":true},"name":{"type":"string","description":"Workload Name","description_kind":"plain","computed":true}},"description":"Workload Object for Service Bindings","description_kind":"plain"},"max_items":1}},"description":"Manages Illumio Service Binding","description_kind":"plain"}},"illumio-core_syslog_destination":{"version":1,"block":{"attributes":{"description":{"type":"string","description":"Description of the destination","description_kind":"plain","required":true},"href":{"type":"string","description":"URI of the destination","description_kind":"plain","computed":true},"id":{"type":"string","description_kind":"plain","optional":true,"computed":true},"pce_scope":{"type":["set","string"],"description":"pce_scope for destination","description_kind":"plain","required":true},"type":{"type":"string","description":"Destination type. Allowed values are \"local_syslog\" and \"remote_syslog\"","description_kind":"plain","required":true}},"block_types":{"audit_event_logger":{"nesting_mode":"list","block":{"attributes":{"configuration_event_included":{"type":"bool","description":"Configuration (Northbound) auditable events","description_kind":"plain","required":true},"min_severity":{"type":"string","description":"Minimum severity level of audit event messages. Allowed values are \"error\", \"warning\" and \"informational\"","description_kind":"plain","required":true},"system_event_included":{"type":"bool","description":"System (PCE) auditable events","description_kind":"plain","required":true}},"description":"audit_event_logger details for destination","description_kind":"plain"},"min_items":1,"max_items":1},"node_status_logger":{"nesting_mode":"list","block":{"attributes":{"node_status_included":{"type":"bool","description":"Syslog messages regarding status of the nodes","description_kind":"plain","required":true}},"description":"node_status_logger details for destination","description_kind":"plain"},"min_items":1,"max_items":1},"remote_syslog":{"nesting_mode":"list","block":{"attributes":{"address":{"type":"string","description":"The remote syslog IP or DNS address","description_kind":"plain","required":true},"port":{"type":"number","description":"The remote syslog port","description_kind":"plain","required":true},"protocol":{"type":"number","description":"The protocol for streaming syslog messages. Allowed values are 6 and 17","description_kind":"plain","required":true},"tls_ca_bundle":{"type":"string","description":"Trustee CA bundle","description_kind":"plain","optional":true},"tls_enabled":{"type":"bool","description":"To enable TLS","description_kind":"plain","required":true},"tls_verify_cert":{"type":"bool","description":"Perform TLS verification","description_kind":"plain","required":true}},"description":"remote_syslog details for destination. Required when type is set to \"remote_syslog\"","description_kind":"plain"},"max_items":1},"traffic_event_logger":{"nesting_mode":"list","block":{"attributes":{"traffic_flow_allowed_event_included":{"type":"bool","description":"Set to enable traffic flow events","description_kind":"plain","required":true},"traffic_flow_blocked_event_included":{"type":"bool","description":"Set to enable traffic flow events","description_kind":"plain","required":true},"traffic_flow_potentially_blocked_event_included":{"type":"bool","description":"Set to enable traffic flow events","description_kind":"plain","required":true}},"description":"traffic_event_logger details for destination","description_kind":"plain"},"min_items":1,"max_items":1}},"description":"Manages Illumio Syslog Destination","description_kind":"plain"}},"illumio-core_traffic_collector_settings":{"version":1,"block":{"attributes":{"action":{"type":"string","description":"action for target traffic. Allowed values are \"drop\" or \"aggregate\"","description_kind":"plain","required":true},"href":{"type":"string","description":"URI of traffic collecter settings","description_kind":"plain","computed":true},"id":{"type":"string","description_kind":"plain","optional":true,"computed":true},"transmission":{"type":"string","description":"transmission type. Allowed values are \"broadcast\" and \"multicast\"","description_kind":"plain","required":true}},"block_types":{"target":{"nesting_mode":"list","block":{"attributes":{"dst_ip":{"type":"string","description":"single IP address or CIDR. Default value: \"0.0.0.0/0\"","description_kind":"plain","optional":true},"dst_port":{"type":"number","description":"destination port for target. Allowed range is -1 to 65535. Default value: -1","description_kind":"plain","optional":true},"proto":{"type":"number","description":"protocol for target. Allowed values are 6 (TCP), 17 (UDP), 1 (ICMP) and 58 (ICMPv6)","description_kind":"plain","required":true}},"description":"target for traffic collector settings. Required if value of action is \"drop\"","description_kind":"plain"},"max_items":1}},"description":"Manages Illumio Traffic Collector Settings","description_kind":"plain"}},"illumio-core_ven":{"version":1,"block":{"attributes":{"activation_type":{"type":"string","description":"The method by which the VEN was activated","description_kind":"plain","computed":true},"active_pce_fqdn":{"type":"string","description":"The FQDN of the PCE that the VEN last connected to","description_kind":"plain","computed":true},"caps":{"type":["list","string"],"description":"Permission types","description_kind":"plain","computed":true},"conditions":{"type":["list",["object",{"first_reported_timestamp":"string","latest_event":["list",["object",{"href":"string","info":["list",["object",{"agent":["map","string"]}]],"notification_type":"string","severity":"string","timestamp":"string"}]]}]],"description_kind":"plain","computed":true},"container_cluster":{"type":["list",["object",{"href":"string","name":"string"}]],"description":"container_cluster details for ven. Single element list","description_kind":"plain","computed":true},"created_at":{"type":"string","description":"The time (rfc3339 timestamp) at which this VEN was created","description_kind":"plain","computed":true},"created_by":{"type":["map","string"],"description":"The href of the user who created this VEN","description_kind":"plain","computed":true},"description":{"type":"string","description":"The description of the VEN","description_kind":"plain","optional":true},"hostname":{"type":"string","description":"The hostname of the host managed by the VEN","description_kind":"plain","computed":true},"href":{"type":"string","description":"URI of VEN","description_kind":"plain","computed":true},"id":{"type":"string","description_kind":"plain","optional":true,"computed":true},"interfaces":{"type":["list",["object",{"address":"string","cidr_block":"number","default_gateway_address":"string","friendly_name":"string","href":"string","link_state":"string","loopback":"bool","name":"string","network":["map","string"],"network_detection_mode":"string"}]],"description":"Network interfaces of the host managed by the VEN","description_kind":"plain","computed":true},"labels":{"type":["list",["object",{"href":"string","key":"string","value":"string"}]],"description":"Labels assigned to the host managed by the VEN","description_kind":"plain","computed":true},"last_goodbye_at":{"type":"string","description":"The time (rfc3339 timestamp) of the last goodbye from the VEN","description_kind":"plain","computed":true},"last_heartbeat_at":{"type":"string","description":"The last time (rfc3339 timestamp) a heartbeat was received from this VEN","description_kind":"plain","computed":true},"name":{"type":"string","description":"Friendly name for the VEN. The name should be up to 255 characters","description_kind":"plain","optional":true},"os_detail":{"type":"string","description":"Additional OS details from the host managed by the VEN","description_kind":"plain","computed":true},"os_id":{"type":"string","description":"OS identifier of the host managed by the VEN","description_kind":"plain","computed":true},"os_platform":{"type":"string","description":"OS platform of the host managed by the VEN","description_kind":"plain","computed":true},"secure_connect":{"type":["list",["object",{"matching_issuer_name":"string"}]],"description":"secure_connect details for vens","description_kind":"plain","computed":true},"status":{"type":"string","description":"Status of the VEN. Allowed values are \"active\", and \"suspended\"","description_kind":"plain","required":true},"target_pce_fqdn":{"type":"string","description":"The FQDN of the PCE that the VEN will use for future connections","description_kind":"plain","optional":true},"uid":{"type":"string","description":"The unique ID of the host managed by the VEN","description_kind":"plain","computed":true},"unpair_allowed":{"type":"bool","description_kind":"plain","computed":true},"updated_at":{"type":"string","description":"The time (rfc3339 timestamp) at which this VEN was last updated","description_kind":"plain","computed":true},"updated_by":{"type":["map","string"],"description":"The href of the user who last updated this VEN","description_kind":"plain","computed":true},"version":{"type":"string","description":"Software version of the VEN","description_kind":"plain","computed":true},"workloads":{"type":["list",["object",{"enforcement_mode":"string","hostname":"string","href":"string","interfaces":["set",["object",{"address":"string","cidr_block":"number","default_gateway_address":"string","friendly_name":"string","link_state":"string","loopback":"bool","name":"string","network":["map","string"],"network_detection_mode":"string"}]],"labels":["list",["object",{"href":"string","key":"string","value":"string"}]],"mode":"string","name":"string","online":"bool","os_detail":"string","os_id":"string","public_ip":"string","security_policy_applied_at":"string","security_policy_received_at":"string","visibility_level":"string"}]],"description_kind":"plain","computed":true}},"description":"Manages Illumio VEN","description_kind":"plain"}},"illumio-core_vens_unpair":{"version":1,"block":{"attributes":{"firewall_restore":{"type":"string","description":"The strategy to use to restore the firewall state after the VEN is uninstalled. Allowed values are \"saved\", \"default\" and \"disable\". Default value: \"default\"","description_kind":"plain","optional":true},"id":{"type":"string","description_kind":"plain","optional":true,"computed":true}},"block_types":{"vens":{"nesting_mode":"set","block":{"attributes":{"href":{"type":"string","description":"URI of VEN","description_kind":"plain","required":true}},"description":"List of VENs to unpair. Max Items allowed: 1000","description_kind":"plain"},"min_items":1}},"description":"Manages Illumio VENs Unpair","description_kind":"plain"}},"illumio-core_vens_upgrade":{"version":1,"block":{"attributes":{"id":{"type":"string","description_kind":"plain","optional":true,"computed":true},"release":{"type":"string","description":"The software release to upgrade to","description_kind":"plain","required":true}},"block_types":{"vens":{"nesting_mode":"set","block":{"attributes":{"href":{"type":"string","description":"URI of VEN","description_kind":"plain","required":true}},"description":"List of VENs to unpair. Max Items allowed: 25000","description_kind":"plain"},"min_items":1}},"description":"Manages Illumio VENs Upgrade","description_kind":"plain"}},"illumio-core_virtual_service":{"version":1,"block":{"attributes":{"apply_to":{"type":"string","description":"Name of the virtual service. Allowed values are \"host_only\" and \"internal_bridge_network\"","description_kind":"plain","required":true},"created_at":{"type":"string","description":"Timestamp when this virtual service was first created","description_kind":"plain","computed":true},"created_by":{"type":["map","string"],"description":"User who created this virtual service","description_kind":"plain","computed":true},"deleted_at":{"type":"string","description":"Timestamp when this virtual service was last deleted","description_kind":"plain","computed":true},"deleted_by":{"type":["map","string"],"description":"User who deleted this virtual service","description_kind":"plain","computed":true},"description":{"type":"string","description":"The long description of the virtual service","description_kind":"plain","optional":true},"external_data_reference":{"type":"string","description":"A unique identifier within the external data source","description_kind":"plain","optional":true},"external_data_set":{"type":"string","description":"The data source from which a resource originates","description_kind":"plain","optional":true},"href":{"type":"string","description":"URI of Virtual Service","description_kind":"plain","computed":true},"id":{"type":"string","description_kind":"plain","optional":true,"computed":true},"ip_overrides":{"type":["set","string"],"description":"Array of IPs or CIDRs as IP overrides","description_kind":"plain","optional":true},"name":{"type":"string","description":"Name of the virtual service. The name should be between 1 to 255 characters","description_kind":"plain","required":true},"pce_fqdn":{"type":"string","description":"PCE FQDN for this container cluster. Used in Supercluster only","description_kind":"plain","computed":true},"updated_at":{"type":"string","description":"Timestamp when this virtual service was last updated","description_kind":"plain","computed":true},"updated_by":{"type":["map","string"],"description":"User who last updated this virtual service","description_kind":"plain","computed":true}},"block_types":{"labels":{"nesting_mode":"set","block":{"attributes":{"href":{"type":"string","description":"URI of label","description_kind":"plain","required":true},"key":{"type":"string","description":"Key in key-value pair","description_kind":"plain","computed":true},"value":{"type":"string","description":"Value in key-value pair","description_kind":"plain","computed":true}},"description":"Contained labels","description_kind":"plain"}},"service":{"nesting_mode":"list","block":{"attributes":{"href":{"type":"string","description":"URI of associated service","description_kind":"plain","required":true}},"description":"Associated service","description_kind":"plain"},"max_items":1},"service_addresses":{"nesting_mode":"set","block":{"attributes":{"description":{"type":"string","description":"Description for given fqdn","description_kind":"plain","optional":true},"fqdn":{"type":"string","description":"FQDN to assign to the virtual service.  Allowed formats: hostname, IP, or URI","description_kind":"plain","optional":true},"ip":{"type":"string","description":"IP address to assign to the virtual service","description_kind":"plain","optional":true},"network_href":{"type":"string","description":"Network URI for this IP address","description_kind":"plain","optional":true},"port":{"type":"string","description":"Port Number. Also, the starting port when specifying a range. Allowed range is -1 - 65535","description_kind":"plain","optional":true}},"description":"List of service address. Specify one of the combination {fqdn, description, port}, {ip, network_href} or {ip, port}","description_kind":"plain"}},"service_ports":{"nesting_mode":"set","block":{"attributes":{"port":{"type":"string","description":"Port Number. Also, the starting port when specifying a range. Allowed range is -1 - 65535","description_kind":"plain","optional":true},"proto":{"type":"number","description":"Transport protocol. Allowed values are 6 (TCP) and 17 (UDP)","description_kind":"plain","required":true},"to_port":{"type":"string","description":"High end of port range inclusive if specifying a range. Allowed range is 0 - 65535","description_kind":"plain","optional":true}},"description":"URI of associated service","description_kind":"plain"}}},"description":"Manages Illumio Virtual Service","description_kind":"plain"}},"illumio-core_vulnerabilities":{"version":1,"block":{"attributes":{"id":{"type":"string","description_kind":"plain","optional":true,"computed":true}},"block_types":{"vulnerability":{"nesting_mode":"list","block":{"attributes":{"cve_ids":{"type":["set","string"],"description":"The cve_ids for the vulnerability","description_kind":"plain","optional":true},"description":{"type":"string","description":"An arbitrary field to store some details of the vulnerability class","description_kind":"plain","optional":true},"name":{"type":"string","description":"The title/name of the vulnerability","description_kind":"plain","required":true},"reference_id":{"type":"string","description":"reference id of vulnerability","description_kind":"plain","required":true},"score":{"type":"number","description":"The normalized score of the vulnerability within the range of 0 to 100. CVSS Score can be used here with a 10x multiplier","description_kind":"plain","required":true}},"description":"Collection of Vulenerabilites","description_kind":"plain"},"min_items":1}},"description":"Manages Illumio Vulnerabilities","description_kind":"plain"}},"illumio-core_vulnerability_report":{"version":1,"block":{"attributes":{"authoritative":{"type":"bool","description":"Boolean value specifies whether a report is authoritative (or) not. Default value: false","description_kind":"plain","optional":true},"created_at":{"type":"string","description":"The time (rfc3339 timestamp) at which this report was created","description_kind":"plain","computed":true},"created_by":{"type":["map","string"],"description":"The Href of the user who created this report","description_kind":"plain","computed":true},"exported_at":{"type":"string","description":"The timestamp (rfc3339 timestamp) at which this report was exported","description_kind":"plain","optional":true},"href":{"type":"string","description":"The resource(URI) representation of the vulnerability report","description_kind":"plain","computed":true},"id":{"type":"string","description_kind":"plain","optional":true,"computed":true},"name":{"type":"string","description":"User-generated name of the vulnerability report. The name should be up to 255 characters","description_kind":"plain","required":true},"num_vulnerabilities":{"type":"number","description":"Number of vulnerabilities that belong to this report","description_kind":"plain","computed":true},"reference_id":{"type":"string","description":"Vulnerability Report ID","description_kind":"plain","required":true},"report_type":{"type":"string","description":"A string representing the type of the report","description_kind":"plain","required":true},"scanned_ips":{"type":["set","string"],"description":"The IPs on which the scan was performed. IPv6 and IPv4. Max Items allowed: 100000","description_kind":"plain","optional":true},"updated_at":{"type":"string","description":"The time (rfc3339 timestamp) at which this report was last updated","description_kind":"plain","computed":true},"updated_by":{"type":["map","string"],"description":"The Href of the user who last updated this report","description_kind":"plain","computed":true}},"block_types":{"detected_vulnerabilities":{"nesting_mode":"set","block":{"attributes":{"external_data_reference":{"type":"string","description":"external data reference json string for vulnerability","description_kind":"plain","optional":true},"ip_address":{"type":"string","description":"The IP address of the host where the vulnerability is found. IPv4 or IPv6","description_kind":"plain","required":true},"port":{"type":"string","description":"The port that is associated with the vulnerability","description_kind":"plain","optional":true},"proto":{"type":"string","description":"The protocol that is associated with the vulnerability","description_kind":"plain","optional":true},"state":{"type":"string","description":"Detected vulnerability state. Allowed values are \"active\", and \"fixed\". Default value: \"active\"","description_kind":"plain","optional":true}},"block_types":{"vulnerability":{"nesting_mode":"list","block":{"attributes":{"href":{"type":"string","description":"URI of Vulnerability","description_kind":"plain","required":true}},"description":"The Href of the vulnerability class to which this vulnerability belongs","description_kind":"plain"},"min_items":1,"max_items":1},"workload":{"nesting_mode":"list","block":{"attributes":{"href":{"type":"string","description":"URI of Workload","description_kind":"plain","required":true}},"description":"The Href of the workload to which this vulnerability belongs","description_kind":"plain"},"min_items":1,"max_items":1}},"description":"detected_vulnerabilities for Vulnerability report. Max Items allowed: 100000","description_kind":"plain"}}},"description":"Manages Illumio Vulnerability Report","description_kind":"plain"}},"illumio-core_workload":{"version":1,"block":{"attributes":{"agent_to_pce_certificate_authentication_id":{"type":"string","description":"PKI Certificate identifier to be used by the PCE for authenticating the VEN. The ID should be between 1 to 255 characters","description_kind":"plain","optional":true},"blocked_connection_action":{"type":"string","description":"Blocked Connection Action for Workload","description_kind":"plain","computed":true},"caps":{"type":["list","string"],"description":"CAPS for Workload","description_kind":"plain","computed":true},"container_cluster":{"type":["list",["object",{"href":"string","name":"string"}]],"description":"Container Cluster for Workload","description_kind":"plain","computed":true},"containers_inherit_host_policy":{"type":"bool","description":"This workload will apply the policy it receives both to itself and the containers hosted by it","description_kind":"plain","computed":true},"created_at":{"type":"string","description":"Timestamp when this label group was first created","description_kind":"plain","computed":true},"created_by":{"type":["map","string"],"description":"User who created this label group","description_kind":"plain","computed":true},"data_center":{"type":"string","description":"Data center for Workload. The data_center should be up to 255 characters","description_kind":"plain","optional":true},"data_center_zone":{"type":"string","description":"Data center Zone for Workload. The data_center_zone should be up to 255 characters","description_kind":"plain","optional":true},"deleted":{"type":"bool","description":"This indicates that the workload has been deleted","description_kind":"plain","computed":true},"deleted_at":{"type":"string","description":"Timestamp when this label group was last deleted","description_kind":"plain","computed":true},"deleted_by":{"type":["map","string"],"description":"User who deleted this label group","description_kind":"plain","computed":true},"description":{"type":"string","description":"The long description of the workload","description_kind":"plain","optional":true},"detected_vulnerabilities":{"type":["list",["object",{"ip_address":"string","port":"number","port_exposure":"number","port_wide_exposure":["list",["object",{"any":"bool","ip_list":"bool"}]],"proto":"number","vulnerability":["set",["object",{"href":"string","name":"string","score":"number"}]],"vulnerability_report":["set",["object",{"href":"string"}]],"workload":["list",["object",{"href":"string"}]]}]],"description":"Detected Vulnerabilities for Workload","description_kind":"plain","computed":true},"distinguished_name":{"type":"string","description":"X.509 Subject distinguished name. The name should be up to 255 characters","description_kind":"plain","optional":true},"enforcement_mode":{"type":"string","description":"Enforcement mode of workload(s) to return. Allowed values for enforcement modes are \"idle\",\"visibility_only\",\"full\", and \"selective\". Default value: \"visibility_only\" ","description_kind":"plain","optional":true},"external_data_reference":{"type":"string","description":"A unique identifier within the external data source","description_kind":"plain","optional":true},"external_data_set":{"type":"string","description":"The data source from which a resource originates","description_kind":"plain","optional":true},"firewall_coexistence":{"type":["list",["object",{"illumio_primary":"bool"}]],"description":"Firewall coexistence mode for Workload","description_kind":"plain","computed":true},"hostname":{"type":"string","description":"The hostname of this workload. The hostname should be up to 255 characters","description_kind":"plain","optional":true},"href":{"type":"string","description":"URI of the Workload","description_kind":"plain","computed":true},"id":{"type":"string","description_kind":"plain","optional":true,"computed":true},"ignored_interface_names":{"type":["list","string"],"description":"Ignored Interface Names for Workload","description_kind":"plain","computed":true},"ike_authentication_certificate":{"type":["map","string"],"description":"IKE authentication certificate for certificate-based Secure Connect and Machine Auth","description_kind":"plain","computed":true},"name":{"type":"string","description":"Name of the Workload. The name should be up to 255 characters","description_kind":"plain","optional":true},"online":{"type":"bool","description":"Determines if this workload is online. Default value: false","description_kind":"plain","optional":true},"os_detail":{"type":"string","description":"Additional OS details - just displayed to end-user. The os_details should be up to 255 characters","description_kind":"plain","optional":true},"os_id":{"type":"string","description":"OS identifier for Workload. The os_id should be up to 255 characters","description_kind":"plain","optional":true},"public_ip":{"type":"string","description":"The public IP address of the server. The public IP should in the IPv4 or IPv6 format","description_kind":"plain","optional":true,"computed":true},"selectively_enforced_services":{"type":["list",["object",{"href":"string","port":"number","proto":"number","to_port":"number"}]],"description":"Selectively Enforced Services for Workload","description_kind":"plain","computed":true},"service_principal_name":{"type":"string","description":"The Kerberos Service Principal Name (SPN). The SPN should be between 1 to 255 characters","description_kind":"plain","optional":true},"service_provider":{"type":"string","description":"Service provider for Workload. The service_provider should be up to 255 characters","description_kind":"plain","optional":true},"services":{"type":["list",["object",{"created_at":"string","open_service_ports":["list",["object",{"address":"string","package":"string","port":"number","process_name":"string","protocol":"number","user":"string","win_service_name":"string"}]],"uptime_seconds":"number"}]],"description":"Service report for Workload","description_kind":"plain","computed":true},"updated_at":{"type":"string","description":"Timestamp when this label group was last updated","description_kind":"plain","computed":true},"updated_by":{"type":["map","string"],"description":"User who last updated this label group","description_kind":"plain","computed":true},"ven":{"type":["map","string"],"description":"VENS for Workload","description_kind":"plain","computed":true},"visibility_level":{"type":"string","description":"Visibility Level of workload(s) to return","description_kind":"plain","computed":true},"vulnerabilities_summary":{"type":["list",["object",{"max_vulnerability_score":"number","num_vulnerabilities":"number","vulnerability_exposure_score":"number","vulnerability_score":"number","vulnerable_port_exposure":"number","vulnerable_port_wide_exposure":["list",["object",{"any":"bool","ip_list":"bool"}]]}]],"description":"Vulnerabilities summary associated with the workload","description_kind":"plain","computed":true}},"block_types":{"labels":{"nesting_mode":"set","block":{"attributes":{"href":{"type":"string","description":"URI of label","description_kind":"plain","required":true}},"description":"Assigned labels for workload","description_kind":"plain"}}},"description":"Manages Illumio Workload","description_kind":"plain"}},"illumio-core_workload_interface":{"version":1,"block":{"attributes":{"address":{"type":"string","description":"The IP Address to assign to this interface. The address should in the IPv4 or IPv6 format","description_kind":"plain","optional":true},"cidr_block":{"type":"number","description":"CIDR BLOCK of the Workload Interface","description_kind":"plain","optional":true},"default_gateway_address":{"type":"string","description":"The IP Address of the default gateway. The Default Gateway Address should in the IPv4 or IPv6 format","description_kind":"plain","optional":true},"friendly_name":{"type":"string","description":"User-friendly name for Workload Interface","description_kind":"plain","optional":true},"href":{"type":"string","description":"URI of the Workload Interface","description_kind":"plain","computed":true},"id":{"type":"string","description_kind":"plain","optional":true,"computed":true},"link_state":{"type":"string","description":"Link State for Workload Interface. Allowed values are \"up\", \"down\", and \"unknown\" ","description_kind":"plain","required":true},"loopback":{"type":"bool","description":"Loopback for Workload Interface","description_kind":"plain","computed":true},"name":{"type":"string","description":"Name of the Workload Interface. The name should be between 1 to 255 characters","description_kind":"plain","required":true},"network":{"type":["map","string"],"description":"Href of Network for the Workload Interface","description_kind":"plain","computed":true},"network_detection_mode":{"type":"string","description":"Network Detection Mode for Workload Interface","description_kind":"plain","computed":true},"workload_href":{"type":"string","description":"URI of Workload","description_kind":"plain","required":true}},"description":"Manages Illumio Workload Interface","description_kind":"plain"}},"illumio-core_workload_settings":{"version":1,"block":{"attributes":{"href":{"type":"string","description":"URI of the Workload Settings","description_kind":"plain","computed":true},"id":{"type":"string","description_kind":"plain","optional":true,"computed":true}},"block_types":{"workload_disconnected_timeout_seconds":{"nesting_mode":"set","block":{"attributes":{"value":{"type":"number","description":"Property value associated with the scope. Allowed range is 300 - 2147483647 or -1","description_kind":"plain","optional":true}},"block_types":{"scope":{"nesting_mode":"set","block":{"attributes":{"href":{"type":"string","description":"Label URI","description_kind":"plain","optional":true}},"description":"Assigned labels for Workload Disconnected Timeout Seconds","description_kind":"plain"}}},"description":"Workload Disconnected Timeout Seconds for Workload Settings","description_kind":"plain"},"min_items":1},"workload_goodbye_timeout_seconds":{"nesting_mode":"set","block":{"attributes":{"value":{"type":"number","description":"Property value associated with the scope. Allowed range is 300 - 2147483647 or -1","description_kind":"plain","optional":true}},"block_types":{"scope":{"nesting_mode":"set","block":{"attributes":{"href":{"type":"string","description":"Label URI","description_kind":"plain","optional":true}},"description":"Assigned labels for Workload Goodbye Timeout Seconds","description_kind":"plain"}}},"description":"Workload Goodbye Timeout Seconds for Workload Settings","description_kind":"plain"},"min_items":1}},"description":"Manages Illumio Workload Settings","description_kind":"plain"}},"illumio-core_workloads_unpair":{"version":1,"block":{"attributes":{"id":{"type":"string","description_kind":"plain","optional":true,"computed":true},"ip_table_restore":{"type":"string","description":"The desired state of IP tables after the agent is uninstalled. Allowed values are \"saved\", \"default\" and \"disable\". Default value: \"default\"","description_kind":"plain","optional":true}},"block_types":{"workloads":{"nesting_mode":"set","block":{"attributes":{"href":{"type":"string","description":"URI of Workload","description_kind":"plain","required":true}},"description":"List of Workloads to unpair. Max Items allowed: 1000","description_kind":"plain"},"min_items":1}},"description":"Manages Illumio Workloads Unpair","description_kind":"plain"}}},"data_source_schemas":{"illumio-core_container_cluster":{"version":1,"block":{"attributes":{"caps":{"type":["list","string"],"description":"Permission types","description_kind":"plain","computed":true},"container_runtime":{"type":"string","description":"The Container Runtime used in this Cluster","description_kind":"plain","computed":true},"description":{"type":"string","description":"Description of the Cluster","description_kind":"plain","computed":true},"errors":{"type":["list",["object",{"audit_event":["map","string"],"duplicate_ids":["list","string"],"error_type":"string"}]],"description":"Errors for Cluster","description_kind":"plain","computed":true},"href":{"type":"string","description":"URI of the Cluster","description_kind":"plain","required":true},"id":{"type":"string","description_kind":"plain","optional":true,"computed":true},"kubelink_version":{"type":"string","description":"Kubelink software version string for Cluster","description_kind":"plain","computed":true},"last_connected":{"type":"string","description":"Time the Cluster last connected to","description_kind":"plain","computed":true},"manager_type":{"type":"string","description":"Manager for this Cluster (and version)","description_kind":"plain","computed":true},"name":{"type":"string","description":"Name of the Cluster","description_kind":"plain","computed":true},"nodes":{"type":["list",["object",{"pod_subnet":"string"}]],"description":"Nodes of the Cluster","description_kind":"plain","computed":true},"online":{"type":"bool","description":"Whether the Cluster is online or not","description_kind":"plain","computed":true},"pce_fqdn":{"type":"string","description":"PCE FQDN for this container cluster. Used in Supercluster only","description_kind":"plain","computed":true}},"description":"Represents Illumio Container Cluster","description_kind":"plain"}},"illumio-core_container_cluster_service_backends":{"version":0,"block":{"attributes":{"container_cluster_href":{"type":"string","description":"URI of Container Cluster","description_kind":"plain","required":true},"id":{"type":"string","description_kind":"plain","optional":true,"computed":true},"items":{"type":["list",["object",{"created_at":"string","kind":"string","name":"string","namespace":"string","updated_at":"string","virtual_service":["list",["object",{"href":"string","name":"string"}]]}]],"description":"Collection of Container Cluster Service Backends","description_kind":"plain","computed":true}},"description":"Represents Illumio Container Cluster Service Backend","description_kind":"plain"}},"illumio-core_container_cluster_workload_profile":{"version":1,"block":{"attributes":{"assign_labels":{"type":["list",["object",{"href":"string"}]],"description":"Assigned labels container workload profile","description_kind":"plain","computed":true},"created_at":{"type":"string","description":"Timestamp when this label group was first created","description_kind":"plain","computed":true},"created_by":{"type":["map","string"],"description":"User who created this label group","description_kind":"plain","computed":true},"description":{"type":"string","description":"Description of the container workload profile","description_kind":"plain","computed":true},"enforcement_mode":{"type":"string","description":"Enforcement mode of container workload profiles to return","description_kind":"plain","computed":true},"href":{"type":"string","description":"URI of the container workload profile","description_kind":"plain","required":true},"id":{"type":"string","description_kind":"plain","optional":true,"computed":true},"labels":{"type":["list",["object",{"assignment":["list",["object",{"href":"string","value":"string"}]],"key":"string","restriction":["list",["object",{"href":"string","value":"string"}]]}]],"description":"Labels to assign to the workload that matches the namespace","description_kind":"plain","computed":true},"linked":{"type":"bool","description":"True if the namespace exists in the cluster and is reported by Kubelink","description_kind":"plain","computed":true},"managed":{"type":"bool","description":"If the namespace is managed or not","description_kind":"plain","computed":true},"name":{"type":"string","description":"A friendly name given to a profile if the namespace is not user-friendly","description_kind":"plain","computed":true},"namespace":{"type":"string","description":"Namespace name of the container workload profile","description_kind":"plain","computed":true},"updated_at":{"type":"string","description":"Timestamp when this label group was last updated","description_kind":"plain","computed":true},"updated_by":{"type":["map","string"],"description":"User who last updated this label group","description_kind":"plain","computed":true},"visibility_level":{"type":"string","description":"Visibility Level of the container cluster workload profile","description_kind":"plain","computed":true}},"description":"Represents Illumio Container Cluster Workload Profile","description_kind":"plain"}},"illumio-core_container_cluster_workload_profiles":{"version":0,"block":{"attributes":{"assign_labels":{"type":"string","description":"List of label URIs, encoded as a JSON string","description_kind":"plain","optional":true},"container_cluster_href":{"type":"string","description":"URI of the Container Cluster","description_kind":"plain","required":true},"enforcement_mode":{"type":"string","description":"Filter by enforcement mode. Allowed values for enforcement modes are \"idle\",\"visibility_only\",\"full\", and \"selective\"","description_kind":"plain","optional":true},"id":{"type":"string","description_kind":"plain","optional":true,"computed":true},"items":{"type":["list",["object",{"assign_labels":["list",["object",{"href":"string"}]],"created_at":"string","created_by":["map","string"],"description":"string","enforcement_mode":"string","href":"string","labels":["list",["object",{"assignment":["list",["object",{"href":"string","value":"string"}]],"key":"string","restriction":["list",["object",{"href":"string","value":"string"}]]}]],"linked":"bool","managed":"bool","name":"string","namespace":"string","updated_at":"string","updated_by":["map","string"],"visibility_level":"string"}]],"description":"List of Container Cluster Workload Profiles","description_kind":"plain","computed":true},"linked":{"type":"string","description":"Filter by linked container workload profiles. Allowed values are \"true\" and \"false\"","description_kind":"plain","optional":true},"managed":{"type":"string","description":"Filter by managed state. Allowed values are \"true\" and \"false\"","description_kind":"plain","optional":true},"max_results":{"type":"string","description":"Maximum number of container workload to return. The integer should be a non-zero positive integer","description_kind":"plain","optional":true},"name":{"type":"string","description":"Name string to match.Supports partial matches","description_kind":"plain","optional":true},"namespace":{"type":"string","description":"Namespace string to match.Supports partial matches","description_kind":"plain","optional":true},"visibility_level":{"type":"string","description":"Filter by visibility level. Allowed values are \"flow_full_detail\", \"flow_summary\", \"flow_drops\", \"flow_off\" and \"enhanced_data_collection\"","description_kind":"plain","optional":true}},"description":"Represents Illumio Container Cluster Workload Profiles","description_kind":"plain"}},"illumio-core_container_clusters":{"version":0,"block":{"attributes":{"id":{"type":"string","description_kind":"plain","optional":true,"computed":true},"items":{"type":["list",["object",{"caps":["list","string"],"container_runtime":"string","description":"string","errors":["list",["object",{"audit_event":["map","string"],"duplicate_ids":["list","string"],"error_type":"string"}]],"href":"string","kubelink_version":"string","last_connected":"string","manager_type":"string","name":"string","nodes":["list",["object",{"pod_subnet":"string"}]],"online":"bool","pce_fqdn":"string"}]],"description":"List of Container Clusters","description_kind":"plain","computed":true},"max_results":{"type":"string","description":"Maximum number of container clusters to return. The integer should be a non-zero positive integer","description_kind":"plain","optional":true},"name":{"type":"string","description":"Name of the container cluster(s) to return. Supports partial matches","description_kind":"plain","optional":true}},"description":"Represents Illumio Container Clusters","description_kind":"plain"}},"illumio-core_enforcement_boundaries":{"version":0,"block":{"attributes":{"id":{"type":"string","description_kind":"plain","optional":true,"computed":true},"items":{"type":["list",["object",{"caps":["list","string"],"consumers":["list",["object",{"actors":"string","ip_list":["list",["object",{"href":"string"}]],"label":["list",["object",{"href":"string"}]],"label_group":["list",["object",{"href":"string"}]]}]],"created_at":"string","created_by":["map","string"],"deleted_at":"string","deleted_by":["map","string"],"href":"string","ingress_service":["list",["object",{"href":"string","port":"string","proto":"string","to_port":"string"}]],"name":"string","providers":["list",["object",{"actors":"string","ip_list":["list",["object",{"href":"string"}]],"label":["list",["object",{"href":"string"}]],"label_group":["list",["object",{"href":"string"}]]}]],"updated_at":"string","updated_by":["map","string"]}]],"description":"List of Enforcement Boundary","description_kind":"plain","computed":true},"labels":{"type":"string","description":"List of lists of label URIs, encoded as a JSON string","description_kind":"plain","optional":true},"max_results":{"type":"string","description":"Maximum number of enforcement boundaries to return. The integer should be a non-zero positive integer","description_kind":"plain","optional":true},"name":{"type":"string","description":"Filter by name supports partial matching","description_kind":"plain","optional":true},"pversion":{"type":"string","description":"pversion of the security policy. Allowed values are \"draft\", \"active\", and numbers greater than 0. Default value: \"draft\"","description_kind":"plain","optional":true},"service":{"type":"string","description":"Service URI","description_kind":"plain","optional":true},"service_ports_port":{"type":"string","description":"Specify port or port range to filter results. The range is from -1 to 65535","description_kind":"plain","optional":true},"service_ports_proto":{"type":"string","description":"Protocol to filter on. Allowed values are 6 and 17","description_kind":"plain","optional":true}},"description":"Represents Illumio Enforcement Boundaries","description_kind":"plain"}},"illumio-core_enforcement_boundary":{"version":1,"block":{"attributes":{"caps":{"type":["list","string"],"description":"CAPS for Enforcement Boundary","description_kind":"plain","computed":true},"consumers":{"type":["list",["object",{"actors":"string","ip_list":["list",["object",{"href":"string"}]],"label":["list",["object",{"href":"string"}]],"label_group":["list",["object",{"href":"string"}]]}]],"description":"Consumers for Enforcement Boundary. Only one actor can be specified in one consumer block","description_kind":"plain","computed":true},"created_at":{"type":"string","description":"Timestamp when this Enforcement Boundary was first created","description_kind":"plain","computed":true},"created_by":{"type":["map","string"],"description":"User who created this Enforcement Boundary","description_kind":"plain","computed":true},"deleted_at":{"type":"string","description":"Timestamp when this Enforcement Boundary was last deleted","description_kind":"plain","computed":true},"deleted_by":{"type":["map","string"],"description":"User who last deleted this Enforcement Boundary","description_kind":"plain","computed":true},"href":{"type":"string","description":"URI of this Enforcement Boundary","description_kind":"plain","required":true},"id":{"type":"string","description_kind":"plain","optional":true,"computed":true},"ingress_services":{"type":["list",["object",{"href":"string","port":"string","proto":"string","to_port":"string"}]],"description":"Collection of Ingress Service. Only one of the {\"href\"} or {\"proto\", \"port\", \"to_port\"} parameter combination is allowed","description_kind":"plain","computed":true},"name":{"type":"string","description":"Name of the Enforcement Boundary","description_kind":"plain","computed":true},"updated_at":{"type":"string","description":"Timestamp when this Enforcement Boundary was last updated","description_kind":"plain","computed":true},"updated_by":{"type":["map","string"],"description":"User who last updated this Enforcement Boundary","description_kind":"plain","computed":true}},"block_types":{"providers":{"nesting_mode":"list","block":{"attributes":{"actors":{"type":"string","description":"actors for providers","description_kind":"plain","computed":true},"ip_list":{"type":["list",["object",{"href":"string"}]],"description":"Href of IP List","description_kind":"plain","computed":true},"label":{"type":["list",["object",{"href":"string"}]],"description":"Href of Label","description_kind":"plain","computed":true},"label_group":{"type":["list",["object",{"href":"string"}]],"description":"Href of Label Group","description_kind":"plain","computed":true}},"description":"providers for Enforcement Boundary. Only one actor can be specified in one providers block","description_kind":"plain"}}},"description":"Represents Illumio Enforcement Boundary","description_kind":"plain"}},"illumio-core_firewall_settings":{"version":1,"block":{"attributes":{"blocked_connection_reject_scopes":{"type":["list",["list",["object",{"label":["map","string"],"label_group":["map","string"]}]]],"description":"scopes for reject connections","description_kind":"plain","computed":true},"containers_inherit_host_policy_scopes":{"type":["list",["list",["object",{"label":["map","string"],"label_group":["map","string"]}]]],"description":"scopes for container inherit host policy","description_kind":"plain","computed":true},"created_at":{"type":"string","description":"Timestamp when these firewall settings were first created","description_kind":"plain","computed":true},"created_by":{"type":["map","string"],"description":"User who created this resource","description_kind":"plain","computed":true},"deleted_at":{"type":"string","description":"Timestamp when these firewall settings were deleted","description_kind":"plain","computed":true},"deleted_by":{"type":["map","string"],"description":"User who deleted this resource","description_kind":"plain","computed":true},"firewall_coexistence":{"type":["list",["object",{"illumio_primary":"bool","scope":["list",["object",{"href":"string"}]],"workload_mode":"string"}]],"description":"Firewall coexistence configuration","description_kind":"plain","computed":true},"href":{"type":"string","description":"URI of Firewall Settings","description_kind":"plain","required":true},"id":{"type":"string","description_kind":"plain","optional":true,"computed":true},"ike_authentication_type":{"type":"string","description":"IKE authentication type to use for IPsec (SecureConnect and Machine Authentication)","description_kind":"plain","computed":true},"loopback_interfaces_in_policy_scopes":{"type":["list",["list",["object",{"label":["map","string"],"label_group":["map","string"]}]]],"description":"scopes for loopback interfaces","description_kind":"plain","computed":true},"static_policy_scopes":{"type":["list",["list",["object",{"label":["map","string"],"label_group":["map","string"]}]]],"description":"scopes for static policy","description_kind":"plain","computed":true},"update_type":{"type":"string","description":"Type of Update","description_kind":"plain","computed":true},"updated_at":{"type":"string","description":"Timestamp when these firewall settings were last updated","description_kind":"plain","computed":true},"updated_by":{"type":["map","string"],"description":"User who last updated this resource","description_kind":"plain","computed":true}},"description":"Represents Illumio Firewall Settings","description_kind":"plain"}},"illumio-core_ip_list":{"version":1,"block":{"attributes":{"created_at":{"type":"string","description":"Timestamp when this IP List was first created","description_kind":"plain","computed":true},"created_by":{"type":["map","string"],"description":"User who created this IP List","description_kind":"plain","computed":true},"deleted_at":{"type":"string","description":"Timestamp when this IP List was deleted","description_kind":"plain","computed":true},"deleted_by":{"type":["map","string"],"description":"User who deleted this IP List","description_kind":"plain","computed":true},"description":{"type":"string","description":"Description of the IP List","description_kind":"plain","computed":true},"external_data_reference":{"type":"string","description":"A unique identifier within the external data source","description_kind":"plain","computed":true},"external_data_set":{"type":"string","description":"The data source from which a resource originates","description_kind":"plain","computed":true},"fqdns":{"type":["list",["object",{"description":"string","fqdn":"string"}]],"description":"Collection of Fully Qualified Domain Names","description_kind":"plain","computed":true},"href":{"type":"string","description":"URI of the IP List","description_kind":"plain","required":true},"id":{"type":"string","description_kind":"plain","optional":true,"computed":true},"ip_ranges":{"type":["list",["object",{"description":"string","exclusion":"bool","from_ip":"string","to_ip":"string"}]],"description":"IP addresses or ranges","description_kind":"plain","computed":true},"name":{"type":"string","description":"Name of the IP List","description_kind":"plain","computed":true},"updated_at":{"type":"string","description":"Timestamp when this IP List was last updated","description_kind":"plain","computed":true},"updated_by":{"type":["map","string"],"description":"User who last updated this IP List","description_kind":"plain","computed":true}},"description":"Represents Illumio IP List","description_kind":"plain"}},"illumio-core_ip_lists":{"version":0,"block":{"attributes":{"description":{"type":"string","description":"Description of IP list(s) to return. Supports partial matches","description_kind":"plain","optional":true},"external_data_reference":{"type":"string","description":"A unique identifier within the external data source","description_kind":"plain","optional":true},"external_data_set":{"type":"string","description":"The data source from which a resource originates","description_kind":"plain","optional":true},"fqdn":{"type":"string","description":"IP lists matching FQDN. Supports partial matches","description_kind":"plain","optional":true},"id":{"type":"string","description_kind":"plain","optional":true,"computed":true},"ip_address":{"type":"string","description":"IP address matching IP list(s) to return. Supports partial matches","description_kind":"plain","optional":true},"items":{"type":["list",["object",{"created_at":"string","created_by":["map","string"],"deleted_at":"string","deleted_by":["map","string"],"description":"string","external_data_reference":"string","external_data_set":"string","fqdns":["list",["object",{"description":"string","fqdn":"string"}]],"href":"string","ip_ranges":["list",["object",{"description":"string","exclusion":"bool","from_ip":"string","to_ip":"string"}]],"name":"string","updated_at":"string","updated_by":["map","string"]}]],"description":"list of IP Lists","description_kind":"plain","computed":true},"max_results":{"type":"string","description":"Maximum number of IP Lists to return. The integer should be a non-zero positive integer","description_kind":"plain","optional":true},"name":{"type":"string","description":"Name of IP list(s) to return. Supports partial matches","description_kind":"plain","optional":true},"pversion":{"type":"string","description":"pversion of the security policy. Allowed values are \"draft\", \"active\", and numbers greater than 0. Default value: \"draft\"","description_kind":"plain","optional":true}},"description":"Represents Illumio IP Lists","description_kind":"plain"}},"illumio-core_label":{"version":1,"block":{"attributes":{"created_at":{"type":"string","description":"Timestamp when this label was first created","description_kind":"plain","computed":true},"created_by":{"type":["map","string"],"description":"User who created this label","description_kind":"plain","computed":true},"deleted":{"type":"bool","description":"Flag to indicate whether deleted or not","description_kind":"plain","computed":true},"external_data_reference":{"type":"string","description":"A unique identifier within the external data source","description_kind":"plain","computed":true},"external_data_set":{"type":"string","description":"The data source from which a resource originates","description_kind":"plain","computed":true},"href":{"type":"string","description":"URI of this label","description_kind":"plain","required":true},"id":{"type":"string","description_kind":"plain","optional":true,"computed":true},"key":{"type":"string","description":"Key in key-value pair","description_kind":"plain","computed":true},"updated_at":{"type":"string","description":"Timestamp when this label was last updated","description_kind":"plain","computed":true},"updated_by":{"type":["map","string"],"description":"User who last updated this label","description_kind":"plain","computed":true},"value":{"type":"string","description":"Value in key-value pair","description_kind":"plain","computed":true}},"description":"Represents Illumio Label","description_kind":"plain"}},"illumio-core_label_group":{"version":1,"block":{"attributes":{"created_at":{"type":"string","description":"Timestamp when this Label Group was first created","description_kind":"plain","computed":true},"created_by":{"type":["map","string"],"description":"User who created this Label Group","description_kind":"plain","computed":true},"deleted_at":{"type":"string","description":"Timestamp when this Label Group was last deleted","description_kind":"plain","computed":true},"deleted_by":{"type":["map","string"],"description":"User who deleted this Label Group","description_kind":"plain","computed":true},"description":{"type":"string","description":"The long description of the Label Group","description_kind":"plain","computed":true},"external_data_reference":{"type":"string","description":"External Data reference identifier","description_kind":"plain","computed":true},"external_data_set":{"type":"string","description":"External Data set Identifier","description_kind":"plain","computed":true},"href":{"type":"string","description":"URI of Label Group","description_kind":"plain","required":true},"id":{"type":"string","description_kind":"plain","optional":true,"computed":true},"key":{"type":"string","description":"Key in key-value pair of contained labels or Label Groups","description_kind":"plain","computed":true},"labels":{"type":["list",["object",{"href":"string","key":"string","value":"string"}]],"description":"Contained labels","description_kind":"plain","computed":true},"name":{"type":"string","description":"Name of the Label Group","description_kind":"plain","computed":true},"sub_groups":{"type":["list",["object",{"href":"string","name":"string"}]],"description":"Contained Label Groups","description_kind":"plain","computed":true},"update_type":{"type":"string","description":"Type of Update","description_kind":"plain","computed":true},"updated_at":{"type":"string","description":"Timestamp when this Label Group was last updated","description_kind":"plain","computed":true},"updated_by":{"type":["map","string"],"description":"User who last updated this Label Group","description_kind":"plain","computed":true}},"description":"Represents Illumio Label Group","description_kind":"plain"}},"illumio-core_label_groups":{"version":0,"block":{"attributes":{"description":{"type":"string","description":"The long description of the label group","description_kind":"plain","optional":true},"external_data_reference":{"type":"string","description":"A unique identifier within the external data source","description_kind":"plain","optional":true},"external_data_set":{"type":"string","description":"The data source from which a resource originates","description_kind":"plain","optional":true},"id":{"type":"string","description_kind":"plain","optional":true,"computed":true},"items":{"type":["list",["object",{"created_at":"string","created_by":["map","string"],"deleted_at":"string","deleted_by":["map","string"],"description":"string","external_data_reference":"string","external_data_set":"string","href":"string","key":"string","labels":["list",["object",{"href":"string","key":"string","value":"string"}]],"name":"string","sub_groups":["list",["object",{"href":"string","name":"string"}]],"update_type":"string","updated_at":"string","updated_by":["map","string"]}]],"description":"List of label group hrefs","description_kind":"plain","computed":true},"key":{"type":"string","description":"Key in key-value pair of contained labels or label groups. Allowed values for key are \"role\", \"loc\", \"app\" and \"env\".","description_kind":"plain","optional":true},"max_results":{"type":"string","description":"Maximum number of Labels to return. The integer should be a non-zero positive integer","description_kind":"plain","optional":true},"name":{"type":"string","description":"Name of Label Group(s) to return. Supports partial matches","description_kind":"plain","optional":true},"pversion":{"type":"string","description":"pversion of the security policy. Allowed values are \"draft\", \"active\", and numbers greater than 0. Default value: \"draft\"","description_kind":"plain","optional":true},"usage":{"type":"string","description":"Include label usage flags as well","description_kind":"plain","optional":true}},"description":"Represents Illumio Label Groups","description_kind":"plain"}},"illumio-core_labels":{"version":0,"block":{"attributes":{"external_data_reference":{"type":"string","description":"A unique identifier within the external data source","description_kind":"plain","optional":true},"external_data_set":{"type":"string","description":"The data source from which a resource originates","description_kind":"plain","optional":true},"id":{"type":"string","description_kind":"plain","optional":true,"computed":true},"include_deleted":{"type":"string","description":"Include deleted labels","description_kind":"plain","optional":true},"items":{"type":["list",["object",{"created_at":"string","created_by":["map","string"],"deleted":"bool","external_data_reference":"string","external_data_set":"string","href":"string","key":"string","updated_at":"string","updated_by":["map","string"],"value":"string"}]],"description":"List of labels","description_kind":"plain","computed":true},"key":{"type":"string","description":"Key in key-value pair. Allowed values for key are \"role\", \"loc\", \"app\" and \"env\"","description_kind":"plain","optional":true},"max_results":{"type":"string","description":"Maximum number of Labels to return. The integer should be a non-zero positive integer","description_kind":"plain","optional":true},"usage":{"type":"string","description":"Include label usage flags as well","description_kind":"plain","optional":true},"value":{"type":"string","description":"Value on which to filter. Supports partial matches","description_kind":"plain","optional":true}},"description":"Represents Illumio Labels","description_kind":"plain"}},"illumio-core_organization_settings":{"version":1,"block":{"attributes":{"audit_event_min_severity":{"type":"string","description":"Minimum severity level of audit event messages","description_kind":"plain","computed":true},"audit_event_retention_seconds":{"type":"number","description":"The time in seconds an audit event is stored in the database","description_kind":"plain","computed":true},"format":{"type":"string","description":"The log format (JSON, CEF, LEEF), which applies to all remote Syslog destinations","description_kind":"plain","computed":true},"id":{"type":"string","description_kind":"plain","optional":true,"computed":true}},"description":"Represents Illumio Organization Settings","description_kind":"plain"}},"illumio-core_pairing_profile":{"version":1,"block":{"attributes":{"agent_software_release":{"type":"string","description":"Agent software release associated with this paring profile","description_kind":"plain","computed":true},"allowed_uses_per_key":{"type":"string","description":"The number of times the pairing profile can be used","description_kind":"plain","computed":true},"app_label_lock":{"type":"bool","description":"Flag that controls whether app label can be overridden from pairing script","description_kind":"plain","computed":true},"caps":{"type":["list","string"],"description":"CAP","description_kind":"plain","computed":true},"created_at":{"type":"string","description":"Timestamp when this pairing profile was first created","description_kind":"plain","computed":true},"created_by":{"type":["map","string"],"description":"User who created this pairing profile","description_kind":"plain","computed":true},"description":{"type":"string","description":"The long description of the pairing profile","description_kind":"plain","computed":true},"enabled":{"type":"bool","description":"The enabled flag of the pairing profile","description_kind":"plain","computed":true},"enforcement_mode":{"type":"string","description":"Filter by mode","description_kind":"plain","computed":true},"enforcement_mode_lock":{"type":"bool","description":"Flag that controls whether app label can be overridden from pairing script","description_kind":"plain","computed":true},"env_label_lock":{"type":"bool","description":"Flag that controls whether env label can be overridden from pairing script","description_kind":"plain","computed":true},"external_data_reference":{"type":"string","description":"A unique identifier within the external data source","description_kind":"plain","computed":true},"external_data_set":{"type":"string","description":"The data source from which a resource originates","description_kind":"plain","computed":true},"href":{"type":"string","description":"URI of this pairing profile","description_kind":"plain","required":true},"id":{"type":"string","description_kind":"plain","optional":true,"computed":true},"is_default":{"type":"bool","description":"Flag indicating this is default auto-created pairing profile","description_kind":"plain","computed":true},"key_lifespan":{"type":"string","description":"Number of seconds pairing profile keys will be valid for","description_kind":"plain","computed":true},"labels":{"type":["list",["object",{"href":"string"}]],"description":"Assigned labels","description_kind":"plain","computed":true},"last_pairing_at":{"type":"string","description":"Timestamp when this pairing profile was last used for pairing a workload","description_kind":"plain","computed":true},"loc_label_lock":{"type":"bool","description":"Flag that controls whether loc label can be overridden from pairing script","description_kind":"plain","computed":true},"log_traffic":{"type":"bool","description":"State of VEN","description_kind":"plain","computed":true},"log_traffic_lock":{"type":"bool","description":"Flag that controls whether log_traffic can be overridden from pairing script","description_kind":"plain","computed":true},"name":{"type":"string","description":"The short friendly name of the pairing profile","description_kind":"plain","computed":true},"role_label_lock":{"type":"bool","description":"Flag that controls whether role label can be overridden from pairing script","description_kind":"plain","computed":true},"status":{"type":"string","description":"State of VEN","description_kind":"plain","computed":true},"status_lock":{"type":"bool","description":"Flag that controls whether status can be overridden from pairing script","description_kind":"plain","computed":true},"total_use_count":{"type":"number","description":"The number of times the pairing profile has been used","description_kind":"plain","computed":true},"updated_at":{"type":"string","description":"Timestamp when this pairing profile was last updated","description_kind":"plain","computed":true},"updated_by":{"type":["map","string"],"description":"User who last updated this pairing profile","description_kind":"plain","computed":true},"visibility_level":{"type":"string","description":"Visibility level of the workload","description_kind":"plain","computed":true},"visibility_level_lock":{"type":"bool","description":"Flag that controls whether visibility_level can be overridden from pairing script","description_kind":"plain","computed":true}},"description":"Represents Illumio Pairing Profile","description_kind":"plain"}},"illumio-core_pairing_profiles":{"version":0,"block":{"attributes":{"agent_software_release":{"type":"string","description":"The agent software release for pairing profiles","description_kind":"plain","optional":true},"description":{"type":"string","description":"Description of Pairing Profile(s) to return. Supports partial matches","description_kind":"plain","optional":true},"external_data_reference":{"type":"string","description":"A unique identifier within the external data source","description_kind":"plain","optional":true},"external_data_set":{"type":"string","description":"The data source from which a resource originates","description_kind":"plain","optional":true},"id":{"type":"string","description_kind":"plain","optional":true,"computed":true},"items":{"type":["list",["object",{"agent_software_release":"string","allowed_uses_per_key":"string","app_label_lock":"bool","caps":["list","string"],"created_at":"string","created_by":["map","string"],"description":"string","enabled":"bool","enforcement_mode":"string","enforcement_mode_lock":"bool","env_label_lock":"bool","external_data_reference":"string","external_data_set":"string","href":"string","is_default":"bool","key_lifespan":"string","labels":["list",["object",{"href":"string"}]],"last_pairing_at":"string","loc_label_lock":"bool","log_traffic":"bool","log_traffic_lock":"bool","name":"string","role_label_lock":"bool","status":"string","status_lock":"bool","total_use_count":"number","updated_at":"string","updated_by":["map","string"],"visibility_level":"string","visibility_level_lock":"bool"}]],"description":"list of pairing profiles","description_kind":"plain","computed":true},"labels":{"type":"string","description":"List of lists of label URIs, encoded as a JSON string","description_kind":"plain","optional":true},"max_results":{"type":"string","description":"Maximum number of Pairing Profiles to return. The integer should be a non-zero positive integer","description_kind":"plain","optional":true},"name":{"type":"string","description":"Name of Pairing Profile(s) to return. Supports partial matches","description_kind":"plain","optional":true}},"description":"Represents Illumio Pairing Profiles","description_kind":"plain"}},"illumio-core_rule_set":{"version":1,"block":{"attributes":{"created_at":{"type":"string","description":"Timestamp when this ruleset was first created","description_kind":"plain","computed":true},"created_by":{"type":["map","string"],"description":"User who created this resource","description_kind":"plain","computed":true},"deleted_at":{"type":"string","description":"Timestamp when this ruleset was deleted","description_kind":"plain","computed":true},"deleted_by":{"type":["map","string"],"description":"User who deleted this resource","description_kind":"plain","computed":true},"description":{"type":"string","description":"Description of Ruleset","description_kind":"plain","computed":true},"enabled":{"type":"bool","description":"Enabled flag. Determines whether the Ruleset is enabled or not","description_kind":"plain","computed":true},"external_data_reference":{"type":"string","description":"External data reference identifier","description_kind":"plain","computed":true},"external_data_set":{"type":"string","description":"External data set identifier","description_kind":"plain","computed":true},"href":{"type":"string","description":"URI of Ruleset","description_kind":"plain","required":true},"id":{"type":"string","description_kind":"plain","optional":true,"computed":true},"ip_tables_rules":{"type":["list",["object",{"actors":["list",["object",{"actors":"string","label":["map","string"],"label_group":["map","string"],"workload":["map","string"]}]],"created_at":"string","created_by":["map","string"],"deleted_at":"string","deleted_by":["map","string"],"description":"string","enabled":"bool","href":"string","ip_version":"string","statements":["list",["object",{"chain_name":"string","parameters":"string","table_name":"string"}]],"update_type":"string","updated_at":"string","updated_by":["map","string"]}]],"description":"Collection of IP Tables Rules","description_kind":"plain","computed":true},"name":{"type":"string","description":"Name of Ruleset","description_kind":"plain","computed":true},"rules":{"type":["list",["object",{"consumers":["list",["object",{"actors":"string","ip_list":["map","string"],"label":["map","string"],"label_group":["map","string"],"virtual_service":["map","string"],"workload":["map","string"]}]],"created_at":"string","created_by":["map","string"],"deleted_at":"string","deleted_by":["map","string"],"description":"string","enabled":"bool","external_data_reference":"string","external_data_set":"string","href":"string","ingress_services":["list",["object",{"href":"string","port":"number","proto":"number","to_port":"number"}]],"machine_auth":"bool","providers":["list",["object",{"actors":"string","ip_list":["map","string"],"label":["map","string"],"label_group":["map","string"],"virtual_server":["map","string"],"virtual_service":["map","string"],"workload":["map","string"]}]],"resolve_labels_as":["list",["object",{"consumers":["list","string"],"providers":["list","string"]}]],"sec_connect":"bool","stateless":"bool","unscoped_consumers":"bool","update_type":"string","updated_at":"string","updated_by":["map","string"]}]],"description":"Collection of Security Rules","description_kind":"plain","computed":true},"scopes":{"type":["list",["list",["object",{"label":["map","string"],"label_group":["map","string"]}]]],"description":"scopes for Ruleset","description_kind":"plain","computed":true},"update_type":{"type":"string","description":"Type of update","description_kind":"plain","computed":true},"updated_at":{"type":"string","description":"Timestamp when this ruleset was last updated","description_kind":"plain","computed":true},"updated_by":{"type":["map","string"],"description":"User who last updated this resource","description_kind":"plain","computed":true}},"description":"Represents Illumio Ruleset","description_kind":"plain"}},"illumio-core_rule_sets":{"version":0,"block":{"attributes":{"description":{"type":"string","description":"Description of Ruleset(s) to return. Supports partial matches","description_kind":"plain","optional":true},"external_data_reference":{"type":"string","description":"A unique identifier within the external data source","description_kind":"plain","optional":true},"external_data_set":{"type":"string","description":"The data source from which a resource originates","description_kind":"plain","optional":true},"id":{"type":"string","description_kind":"plain","optional":true,"computed":true},"items":{"type":["list",["object",{"created_at":"string","created_by":["map","string"],"deleted_at":"string","deleted_by":["map","string"],"description":"string","enabled":"bool","external_data_reference":"string","external_data_set":"string","href":"string","ip_tables_rules":["list",["object",{"actors":["list",["object",{"actors":"string","label":["map","string"],"label_group":["map","string"],"workload":["map","string"]}]],"created_at":"string","created_by":["map","string"],"deleted_at":"string","deleted_by":["map","string"],"description":"string","enabled":"bool","href":"string","ip_version":"string","statements":["list",["object",{"chain_name":"string","parameters":"string","table_name":"string"}]],"update_type":"string","updated_at":"string","updated_by":["map","string"]}]],"name":"string","rules":["list",["object",{"consumers":["list",["object",{"actors":"string","ip_list":["map","string"],"label":["map","string"],"label_group":["map","string"],"virtual_service":["map","string"],"workload":["map","string"]}]],"created_at":"string","created_by":["map","string"],"deleted_at":"string","deleted_by":["map","string"],"description":"string","enabled":"bool","external_data_reference":"string","external_data_set":"string","href":"string","ingress_services":["list",["object",{"href":"string","port":"number","proto":"number","to_port":"number"}]],"machine_auth":"bool","providers":["list",["object",{"actors":"string","ip_list":["map","string"],"label":["map","string"],"label_group":["map","string"],"virtual_server":["map","string"],"virtual_service":["map","string"],"workload":["map","string"]}]],"resolve_labels_as":["list",["object",{"consumers":["list","string"],"providers":["list","string"]}]],"sec_connect":"bool","stateless":"bool","unscoped_consumers":"bool","update_type":"string","updated_at":"string","updated_by":["map","string"]}]],"scopes":["list",["list",["object",{"label":["map","string"],"label_group":["map","string"]}]]],"update_type":"string","updated_at":"string","updated_by":["map","string"]}]],"description":"list of Rulesets","description_kind":"plain","computed":true},"labels":{"type":"string","description":"List of lists of label URIs, encoded as a JSON string","description_kind":"plain","optional":true},"max_results":{"type":"string","description":"Maximum number of Rulesets to return. The integer should be a non-zero positive integer","description_kind":"plain","optional":true},"name":{"type":"string","description":"Name of Ruleset(s) to return. Supports partial matches","description_kind":"plain","optional":true},"pversion":{"type":"string","description":"pversion of the security policy. Allowed values are \"draft\", \"active\", and numbers greater than 0. Default value: \"draft\"","description_kind":"plain","optional":true}},"description":"Represents Illumio Rulesets","description_kind":"plain"}},"illumio-core_security_rule":{"version":1,"block":{"attributes":{"consumers":{"type":["list",["object",{"actors":"string","ip_list":["map","string"],"label":["map","string"],"label_group":["map","string"],"virtual_service":["map","string"],"workload":["map","string"]}]],"description":"Consumers for Security Rule","description_kind":"plain","computed":true},"created_at":{"type":"string","description":"Timestamp when this security rule was first created","description_kind":"plain","computed":true},"created_by":{"type":["map","string"],"description":"User who created this security rule","description_kind":"plain","computed":true},"deleted_at":{"type":"string","description":"Timestamp when this security rule was deleted","description_kind":"plain","computed":true},"deleted_by":{"type":["map","string"],"description":"User who deleted this security rule","description_kind":"plain","computed":true},"description":{"type":"string","description":"Description of Security Rule","description_kind":"plain","computed":true},"enabled":{"type":"bool","description":"Enabled flag. Determines whether this rule will be enabled in ruleset or not","description_kind":"plain","computed":true},"external_data_reference":{"type":"string","description":"External data reference identifier","description_kind":"plain","computed":true},"external_data_set":{"type":"string","description":"External data set identifier","description_kind":"plain","computed":true},"href":{"type":"string","description":"URI of Security Rule","description_kind":"plain","required":true},"id":{"type":"string","description_kind":"plain","optional":true,"computed":true},"ingress_services":{"type":["list",["object",{"href":"string","port":"number","proto":"number","to_port":"number"}]],"description":"Collection of Ingress Service","description_kind":"plain","computed":true},"machine_auth":{"type":"bool","description":"Determines whether machine authentication is enabled","description_kind":"plain","computed":true},"providers":{"type":["list",["object",{"actors":"string","ip_list":["map","string"],"label":["map","string"],"label_group":["map","string"],"virtual_server":["map","string"],"virtual_service":["map","string"],"workload":["map","string"]}]],"description":"providers for Security Rule","description_kind":"plain","computed":true},"resolve_labels_as":{"type":["list",["object",{"consumers":["list","string"],"providers":["list","string"]}]],"description":"resolve label as for Security rule","description_kind":"plain","computed":true},"sec_connect":{"type":"bool","description":"Determines whether a secure connection is established","description_kind":"plain","computed":true},"stateless":{"type":"bool","description":"Determines whether packet filtering is stateless for the rule","description_kind":"plain","computed":true},"unscoped_consumers":{"type":"bool","description":"Set the scope for rule consumers to All","description_kind":"plain","computed":true},"update_type":{"type":"string","description":"Type of update","description_kind":"plain","computed":true},"updated_at":{"type":"string","description":"Timestamp when this security rule was last updated","description_kind":"plain","computed":true},"updated_by":{"type":["map","string"],"description":"User who last updated this security rule","description_kind":"plain","computed":true}},"description":"Represents Illumio Security Rule","description_kind":"plain"}},"illumio-core_security_rules":{"version":0,"block":{"attributes":{"external_data_reference":{"type":"string","description":"A unique identifier within the external data source","description_kind":"plain","optional":true},"external_data_set":{"type":"string","description":"The data source from which a resource originates","description_kind":"plain","optional":true},"id":{"type":"string","description_kind":"plain","optional":true,"computed":true},"items":{"type":["list",["object",{"consumers":["list",["object",{"actors":"string","ip_list":["map","string"],"label":["map","string"],"label_group":["map","string"],"virtual_service":["map","string"],"workload":["map","string"]}]],"created_at":"string","created_by":["map","string"],"deleted_at":"string","deleted_by":["map","string"],"description":"string","enabled":"bool","external_data_reference":"string","external_data_set":"string","href":"string","ingress_services":["list",["object",{"href":"string","port":"number","proto":"number","to_port":"number"}]],"machine_auth":"bool","providers":["list",["object",{"actors":"string","ip_list":["map","string"],"label":["map","string"],"label_group":["map","string"],"virtual_server":["map","string"],"virtual_service":["map","string"],"workload":["map","string"]}]],"resolve_labels_as":["list",["object",{"consumers":["list","string"],"providers":["list","string"]}]],"sec_connect":"bool","stateless":"bool","unscoped_consumers":"bool","update_type":"string","updated_at":"string","updated_by":["map","string"]}]],"description":"list of Security Rule hrefs","description_kind":"plain","computed":true},"rule_set_href":{"type":"string","description":"URI of ruleset","description_kind":"plain","required":true}},"description":"Represents Illumio Security Rules","description_kind":"plain"}},"illumio-core_service":{"version":1,"block":{"attributes":{"created_at":{"type":"string","description":"Timestamp when this Service was first created","description_kind":"plain","computed":true},"created_by":{"type":["map","string"],"description":"User who created this Service","description_kind":"plain","computed":true},"deleted_at":{"type":"string","description":"Timestamp when this Service was deleted","description_kind":"plain","computed":true},"deleted_by":{"type":["map","string"],"description":"User who deleted this Service","description_kind":"plain","computed":true},"description":{"type":"string","description":"Long Description of Service","description_kind":"plain","computed":true},"description_url":{"type":"string","description":"Description URL Read-only to prevent XSS attacks","description_kind":"plain","computed":true},"external_data_reference":{"type":"string","description":"External data reference identifier","description_kind":"plain","computed":true},"external_data_set":{"type":"string","description":"External data set identifier","description_kind":"plain","computed":true},"href":{"type":"string","description":"URI of Service","description_kind":"plain","required":true},"id":{"type":"string","description_kind":"plain","optional":true,"computed":true},"name":{"type":"string","description":"The short friendly name of the service","description_kind":"plain","computed":true},"process_name":{"type":"string","description":"The process name","description_kind":"plain","computed":true},"service_ports":{"type":["list",["object",{"icmp_code":"number","icmp_type":"number","port":"number","proto":"number","to_port":"number"}]],"description":"Service ports of Illumio Service","description_kind":"plain","computed":true},"update_type":{"type":"string","description":"Type of update","description_kind":"plain","computed":true},"updated_at":{"type":"string","description":"Timestamp when this Service was last updated","description_kind":"plain","computed":true},"updated_by":{"type":["map","string"],"description":"User who last updated this Service","description_kind":"plain","computed":true},"windows_services":{"type":["list",["object",{"icmp_code":"number","icmp_type":"number","port":"number","process_name":"string","proto":"number","service_name":"string","to_port":"number"}]],"description":"windows_services for services","description_kind":"plain","computed":true}},"description":"Represents Illumio Service","description_kind":"plain"}},"illumio-core_service_binding":{"version":1,"block":{"attributes":{"bound_service":{"type":["map","string"],"description":"Bound service href","description_kind":"plain","computed":true},"container_workload":{"type":["map","string"],"description":"Container Workload href","description_kind":"plain","computed":true},"external_data_reference":{"type":"string","description":"External Data reference identifier","description_kind":"plain","computed":true},"external_data_set":{"type":"string","description":"External Data Set identifier","description_kind":"plain","computed":true},"href":{"type":"string","description":"URI of the Service Binding","description_kind":"plain","required":true},"id":{"type":"string","description_kind":"plain","optional":true,"computed":true},"port_overrides":{"type":["list",["object",{"new_port":"number","new_to_port":"number","port":"number","proto":"number"}]],"description":"Port Overrides for Service Bindings","description_kind":"plain","computed":true},"virtual_service":{"type":["map","string"],"description":"Virtual service href","description_kind":"plain","computed":true},"workload":{"type":["list",["object",{"deleted":"bool","hostname":"string","href":"string","name":"string"}]],"description":"Workload Object for Service Bindings","description_kind":"plain","computed":true}},"description":"Represents Illumio Service Binding","description_kind":"plain"}},"illumio-core_service_bindings":{"version":0,"block":{"attributes":{"external_data_reference":{"type":"string","description":"A unique identifier within the external data source","description_kind":"plain","optional":true},"external_data_set":{"type":"string","description":"The data source from which a resource originates","description_kind":"plain","optional":true},"id":{"type":"string","description_kind":"plain","optional":true,"computed":true},"items":{"type":["list",["object",{"bound_service":["map","string"],"container_workload":["map","string"],"external_data_reference":"string","external_data_set":"string","href":"string","port_overrides":["list",["object",{"new_port":"number","new_to_port":"number","port":"number","proto":"number"}]],"virtual_service":["map","string"],"workload":["list",["object",{"deleted":"bool","hostname":"string","href":"string","name":"string"}]]}]],"description":"list of Service Bindings","description_kind":"plain","computed":true},"max_results":{"type":"string","description":"Maximum number of virtual service bindings to return. The integer should be a non-zero positive integer","description_kind":"plain","optional":true},"virtual_service":{"type":"string","description":"Virtual service URI","description_kind":"plain","optional":true},"workload":{"type":"string","description":"Workload URI","description_kind":"plain","optional":true}},"description":"Represents Illumio Service Bindings","description_kind":"plain"}},"illumio-core_services":{"version":0,"block":{"attributes":{"description":{"type":"string","description":"Long description of the Service","description_kind":"plain","optional":true},"external_data_reference":{"type":"string","description":"External data reference identifier","description_kind":"plain","optional":true},"external_data_set":{"type":"string","description":"External data set identifier","description_kind":"plain","optional":true},"id":{"type":"string","description_kind":"plain","optional":true,"computed":true},"items":{"type":["list",["object",{"created_at":"string","created_by":["map","string"],"deleted_at":"string","deleted_by":["map","string"],"description":"string","description_url":"string","external_data_reference":"string","external_data_set":"string","href":"string","name":"string","process_name":"string","service_ports":["list",["object",{"icmp_code":"number","icmp_type":"number","port":"number","proto":"number","to_port":"number"}]],"update_type":"string","updated_at":"string","updated_by":["map","string"],"windows_services":["list",["object",{"icmp_code":"number","icmp_type":"number","port":"number","process_name":"string","proto":"number","service_name":"string","to_port":"number"}]]}]],"description":"List of services","description_kind":"plain","computed":true},"max_results":{"type":"string","description":"Maximum number of Services to return. The integer should be a non-zero positive integer","description_kind":"plain","optional":true},"name":{"type":"string","description":"Name of the Service (does not need to be unique)","description_kind":"plain","optional":true},"port":{"type":"string","description":"Specify port or port range to filter results. The range is from -1 to 65535 (0 is not supported)","description_kind":"plain","optional":true},"proto":{"type":"string","description":"Protocol to filter on. Allowed values are -1, 1, 2, 4, 6, 17, 47, 58 and 94","description_kind":"plain","optional":true},"pversion":{"type":"string","description":"pversion of the security policy. Allowed values are \"draft\", \"active\", and numbers greater than 0. Default value: \"draft\"","description_kind":"plain","optional":true}},"description":"Represents Illumio Services","description_kind":"plain"}},"illumio-core_syslog_destination":{"version":1,"block":{"attributes":{"audit_event_logger":{"type":["list",["object",{"configuration_event_included":"bool","min_severity":"string","system_event_included":"bool"}]],"description":"audit_event_logger details for destination. Single element list","description_kind":"plain","computed":true},"description":{"type":"string","description":"Description of the destination","description_kind":"plain","computed":true},"href":{"type":"string","description":"URI of the destination","description_kind":"plain","required":true},"id":{"type":"string","description_kind":"plain","optional":true,"computed":true},"node_status_logger":{"type":["list",["object",{"node_status_included":"bool"}]],"description":"node_status_logger details for destination. Single element list","description_kind":"plain","computed":true},"pce_scope":{"type":["list","string"],"description":"pce_scope for syslog destinations","description_kind":"plain","computed":true},"remote_syslog":{"type":["list",["object",{"address":"string","port":"number","protocol":"number","tls_ca_bundle":"string","tls_enabled":"bool","tls_verify_cert":"bool"}]],"description":"remote_syslog details for destination. Single element list","description_kind":"plain","computed":true},"traffic_event_logger":{"type":["list",["object",{"traffic_flow_allowed_event_included":"bool","traffic_flow_blocked_event_included":"bool","traffic_flow_potentially_blocked_event_included":"bool"}]],"description":"traffic_event_logger details for destination. Single element list","description_kind":"plain","computed":true},"type":{"type":"string","description":"Destination type","description_kind":"plain","computed":true}},"description":"Represents Illumio Syslog Destination","description_kind":"plain"}},"illumio-core_syslog_destinations":{"version":0,"block":{"attributes":{"id":{"type":"string","description_kind":"plain","optional":true,"computed":true},"items":{"type":["list",["object",{"audit_event_logger":["list",["object",{"configuration_event_included":"bool","min_severity":"string","system_event_included":"bool"}]],"description":"string","href":"string","node_status_logger":["list",["object",{"node_status_included":"bool"}]],"pce_scope":["list","string"],"remote_syslog":["list",["object",{"address":"string","port":"number","protocol":"number","tls_ca_bundle":"string","tls_enabled":"bool","tls_verify_cert":"bool"}]],"traffic_event_logger":["list",["object",{"traffic_flow_allowed_event_included":"bool","traffic_flow_blocked_event_included":"bool","traffic_flow_potentially_blocked_event_included":"bool"}]],"type":"string"}]],"description":"list of Syslog Destinations","description_kind":"plain","computed":true}},"description":"Represents Illumio Syslog Destinations","description_kind":"plain"}},"illumio-core_traffic_collector_settings":{"version":1,"block":{"attributes":{"action":{"type":"string","description":"action for target traffic","description_kind":"plain","computed":true},"href":{"type":"string","description":"URI of traffic collecter settings","description_kind":"plain","required":true},"id":{"type":"string","description_kind":"plain","optional":true,"computed":true},"target":{"type":["list",["object",{"dst_ip":"string","dst_port":"number","proto":"number"}]],"description":"target for traffic collector settings","description_kind":"plain","computed":true},"transmission":{"type":"string","description":"transmission type","description_kind":"plain","computed":true}},"description":"Represents Illumio Traffic Collector Settings","description_kind":"plain"}},"illumio-core_traffic_collector_settings_list":{"version":0,"block":{"attributes":{"id":{"type":"string","description_kind":"plain","optional":true,"computed":true},"items":{"type":["list",["object",{"action":"string","href":"string","target":["list",["object",{"dst_ip":"string","dst_port":"number","proto":"number"}]],"transmission":"string"}]],"description":"list of Traffic Collector Setting hrefs","description_kind":"plain","computed":true}},"description":"Represents List of Illumio Traffic Collector Settings ","description_kind":"plain"}},"illumio-core_ven":{"version":1,"block":{"attributes":{"activation_type":{"type":"string","description":"The method by which the VEN was activated","description_kind":"plain","computed":true},"active_pce_fqdn":{"type":"string","description":"The FQDN of the PCE that the VEN last connected to","description_kind":"plain","computed":true},"caps":{"type":["list","string"],"description":"Permission types","description_kind":"plain","computed":true},"conditions":{"type":["list",["object",{"first_reported_timestamp":"string","latest_event":["list",["object",{"href":"string","info":["list",["object",{"agent":["map","string"]}]],"notification_type":"string","severity":"string","timestamp":"string"}]]}]],"description_kind":"plain","computed":true},"container_cluster":{"type":["list",["object",{"href":"string","name":"string"}]],"description":"container_cluster details for ven. Single element list","description_kind":"plain","computed":true},"created_at":{"type":"string","description":"The time (rfc3339 timestamp) at which this VEN was created","description_kind":"plain","computed":true},"created_by":{"type":["map","string"],"description":"The href of the user who created this VEN","description_kind":"plain","computed":true},"description":{"type":"string","description":"The description of the VEN","description_kind":"plain","computed":true},"hostname":{"type":"string","description":"The hostname of the host managed by the VEN","description_kind":"plain","computed":true},"href":{"type":"string","description":"URI of VEN","description_kind":"plain","required":true},"id":{"type":"string","description_kind":"plain","optional":true,"computed":true},"interfaces":{"type":["list",["object",{"address":"string","cidr_block":"number","default_gateway_address":"string","friendly_name":"string","href":"string","link_state":"string","loopback":"bool","name":"string","network":["map","string"],"network_detection_mode":"string"}]],"description":"Network interfaces of the host managed by the VEN","description_kind":"plain","computed":true},"labels":{"type":["list",["object",{"href":"string","key":"string","value":"string"}]],"description":"Labels assigned to the host managed by the VEN","description_kind":"plain","computed":true},"last_goodbye_at":{"type":"string","description":"The time (rfc3339 timestamp) of the last goodbye from the VEN","description_kind":"plain","computed":true},"last_heartbeat_at":{"type":"string","description":"The last time (rfc3339 timestamp) a heartbeat was received from this VEN","description_kind":"plain","computed":true},"name":{"type":"string","description":"Friendly name for the VEN","description_kind":"plain","computed":true},"os_detail":{"type":"string","description":"Additional OS details from the host managed by the VEN","description_kind":"plain","computed":true},"os_id":{"type":"string","description":"OS identifier of the host managed by the VEN","description_kind":"plain","computed":true},"os_platform":{"type":"string","description":"OS platform of the host managed by the VEN","description_kind":"plain","computed":true},"secure_connect":{"type":["list",["object",{"matching_issuer_name":"string"}]],"description":"secure_connect details for vens","description_kind":"plain","computed":true},"status":{"type":"string","description":"Status of the VEN","description_kind":"plain","computed":true},"target_pce_fqdn":{"type":"string","description":"The FQDN of the PCE that the VEN will use for future connections","description_kind":"plain","computed":true},"uid":{"type":"string","description":"The unique ID of the host managed by the VEN","description_kind":"plain","computed":true},"unpair_allowed":{"type":"bool","description_kind":"plain","computed":true},"updated_at":{"type":"string","description":"The time (rfc3339 timestamp) at which this VEN was last updated","description_kind":"plain","computed":true},"updated_by":{"type":["map","string"],"description":"The href of the user who last updated this VEN","description_kind":"plain","computed":true},"version":{"type":"string","description":"Software version of the VEN","description_kind":"plain","computed":true},"workloads":{"type":["list",["object",{"enforcement_mode":"string","hostname":"string","href":"string","interfaces":["list",["object",{"address":"string","cidr_block":"number","default_gateway_address":"string","friendly_name":"string","link_state":"string","loopback":"bool","name":"string","network":["map","string"],"network_detection_mode":"string"}]],"labels":["list",["object",{"href":"string","key":"string","value":"string"}]],"mode":"string","name":"string","online":"bool","os_detail":"string","os_id":"string","public_ip":"string","security_policy_applied_at":"string","security_policy_received_at":"string","visibility_level":"string"}]],"description":"collection of Workloads","description_kind":"plain","computed":true}},"description":"Represents Illumio VEN","description_kind":"plain"}},"illumio-core_vens":{"version":0,"block":{"attributes":{"activation_type":{"type":"string","description":"The method in which the VEN was activated. Allowed values are \"pairing_key\", \"kerberos\" and \"certificate\"","description_kind":"plain","optional":true},"active_pce_fqdn":{"type":"string","description":"FQDN of the PCE","description_kind":"plain","optional":true},"condition":{"type":"string","description":"A specific error condition to filter by. Allowed values are \"agent.upgrade_time_out\", \"agent.missing_heartbeats_after_upgrade\", \"agent.clone_detected\" and \"agent.missed_heartbeats\"","description_kind":"plain","optional":true},"container_clusters":{"type":"string","description":"Array of container cluster URIs, encoded as a JSON string","description_kind":"plain","optional":true},"description":{"type":"string","description":"Description of VEN(s) to return. Supports partial matches","description_kind":"plain","optional":true},"disconnected_before":{"type":"string","description":"Return VENs that have been disconnected since the given time","description_kind":"plain","optional":true},"health":{"type":"string","description":"The overall health (condition) of the VEN. Allowed values are  \"healthy\", \"unhealthy\", \"error\" and \"warning\"","description_kind":"plain","optional":true},"hostname":{"type":"string","description":"Hostname of VEN(s) to return. Supports partial matches","description_kind":"plain","optional":true},"id":{"type":"string","description_kind":"plain","optional":true,"computed":true},"ip_address":{"type":"string","description":"IP address of VEN(s) to return. Supports partial matches","description_kind":"plain","optional":true},"items":{"type":["list",["object",{"activation_type":"string","active_pce_fqdn":"string","caps":["list","string"],"conditions":["list",["object",{"first_reported_timestamp":"string","latest_event":["list",["object",{"href":"string","info":["list",["object",{"agent":["map","string"]}]],"notification_type":"string","severity":"string","timestamp":"string"}]]}]],"container_cluster":["list",["object",{"href":"string","name":"string"}]],"created_at":"string","created_by":["map","string"],"description":"string","hostname":"string","href":"string","interfaces":["list",["object",{"address":"string","cidr_block":"number","default_gateway_address":"string","friendly_name":"string","href":"string","link_state":"string","loopback":"bool","name":"string","network":["map","string"],"network_detection_mode":"string"}]],"labels":["list",["object",{"href":"string","key":"string","value":"string"}]],"last_goodbye_at":"string","last_heartbeat_at":"string","name":"string","os_detail":"string","os_id":"string","os_platform":"string","secure_connect":["list",["object",{"matching_issuer_name":"string"}]],"status":"string","target_pce_fqdn":"string","uid":"string","unpair_allowed":"bool","updated_at":"string","updated_by":["map","string"],"version":"string","workloads":["list",["object",{"enforcement_mode":"string","hostname":"string","href":"string","interfaces":["list",["object",{"address":"string","cidr_block":"number","default_gateway_address":"string","friendly_name":"string","link_state":"string","loopback":"bool","name":"string","network":["map","string"],"network_detection_mode":"string"}]],"labels":["list",["object",{"href":"string","key":"string","value":"string"}]],"mode":"string","name":"string","online":"bool","os_detail":"string","os_id":"string","public_ip":"string","security_policy_applied_at":"string","security_policy_received_at":"string","visibility_level":"string"}]]}]],"description":"list of VENs","description_kind":"plain","computed":true},"labels":{"type":"string","description":"2D Array of label URIs, encoded as a JSON string","description_kind":"plain","optional":true},"last_goodbye_at_gte":{"type":"string","description":"Greater than or equal to value for last goodbye at timestamp","description_kind":"plain","optional":true},"last_goodbye_at_lte":{"type":"string","description":"Greater than or equal to value for last goodbye at timestamp","description_kind":"plain","optional":true},"last_heartbeat_at_gte":{"type":"string","description":"Greater than or equal to value for last heartbeat timestamp","description_kind":"plain","optional":true},"last_heartbeat_at_lte":{"type":"string","description":"Less than or equal to value for last heartbeat timestamp","description_kind":"plain","optional":true},"max_results":{"type":"string","description":"Maximum number of VENs to return. The integer should be a non-zero positive integer","description_kind":"plain","optional":true},"name":{"type":"string","description":"Name of VEN(s) to return. Supports partial matches","description_kind":"plain","optional":true},"os":{"type":"string","description":"Operating System of VEN(s) to return. Supports partial matches","description_kind":"plain","optional":true},"status":{"type":"string","description":"The current status of the VEN. Allowed values are \"active\", \"suspended\", \"stopped\" and \"uninstalled\"","description_kind":"plain","optional":true},"upgrade_pending":{"type":"string","description":"Only return VENs with/without a pending upgrade","description_kind":"plain","optional":true},"version_gte":{"type":"string","description":"Greater than or equal to value for version","description_kind":"plain","optional":true},"version_lte":{"type":"string","description":"Less than or equal to value for version","description_kind":"plain","optional":true}},"description":"Represents Illumio VENs","description_kind":"plain"}},"illumio-core_virtual_service":{"version":1,"block":{"attributes":{"apply_to":{"type":"string","description":"Firewall rule target for workloads bound to this virtual service: host_only or internal_bridge_network","description_kind":"plain","computed":true},"caps":{"type":["list","string"],"description":"CAPS","description_kind":"plain","computed":true},"created_at":{"type":"string","description":"Timestamp when this Virtual Service was first created","description_kind":"plain","computed":true},"created_by":{"type":["map","string"],"description":"User who created this Virtual Service","description_kind":"plain","computed":true},"deleted_at":{"type":"string","description":"Timestamp when this Virtual Service was deleted","description_kind":"plain","computed":true},"deleted_by":{"type":["map","string"],"description":"User who deleted this Virtual Service","description_kind":"plain","computed":true},"description":{"type":"string","description":"The long description of this virtual service","description_kind":"plain","computed":true},"external_data_reference":{"type":"string","description":"A unique identifier within the external data source","description_kind":"plain","computed":true},"external_data_set":{"type":"string","description":"The data source from which a resource originates","description_kind":"plain","computed":true},"href":{"type":"string","description":"URI of the virtual service","description_kind":"plain","required":true},"id":{"type":"string","description_kind":"plain","optional":true,"computed":true},"ip_overrides":{"type":["list","string"],"description":"Array of IPs or CIDRs as IP overrides","description_kind":"plain","computed":true},"labels":{"type":["list",["object",{"href":"string","key":"string","value":"string"}]],"description":"Assigned labels","description_kind":"plain","computed":true},"name":{"type":"string","description":"Name of the virtual service","description_kind":"plain","computed":true},"pce_fqdn":{"type":"string","description":"PCE FQDN for this container cluster. Used in Supercluster only","description_kind":"plain","computed":true},"service":{"type":["list",["object",{"href":"string"}]],"description":"URI of associated service","description_kind":"plain","computed":true},"service_addresses":{"type":["list",["object",{"description":"string","fqdn":"string","ip":"string","network":["map","string"],"port":"number"}]],"description":"Service Addresses","description_kind":"plain","computed":true},"service_ports":{"type":["list",["object",{"port":"number","proto":"number","to_port":"number"}]],"description":"Service Ports","description_kind":"plain","computed":true},"update_type":{"type":"string","description":"Update Type","description_kind":"plain","computed":true},"updated_at":{"type":"string","description":"Timestamp when this Virtual Service was last updated","description_kind":"plain","computed":true},"updated_by":{"type":["map","string"],"description":"User who last updated this Virtual Service","description_kind":"plain","computed":true}},"description":"Represents Illumio Virtual Services","description_kind":"plain"}},"illumio-core_virtual_services":{"version":0,"block":{"attributes":{"description":{"type":"string","description":"Description on which to filter. Supports partial matches","description_kind":"plain","optional":true},"external_data_reference":{"type":"string","description":"A unique identifier within the external data source","description_kind":"plain","optional":true},"external_data_set":{"type":"string","description":"The data source from which a resource originates","description_kind":"plain","optional":true},"id":{"type":"string","description_kind":"plain","optional":true,"computed":true},"items":{"type":["list",["object",{"apply_to":"string","caps":["list","string"],"created_at":"string","created_by":["map","string"],"deleted_at":"string","deleted_by":["map","string"],"description":"string","external_data_reference":"string","external_data_set":"string","href":"string","ip_overrides":["list","string"],"labels":["list",["object",{"href":"string","key":"string","value":"string"}]],"name":"string","pce_fqdn":"string","service":["list",["object",{"href":"string"}]],"service_addresses":["list",["object",{"description":"string","fqdn":"string","ip":"string","network":["map","string"],"port":"number"}]],"service_ports":["list",["object",{"port":"number","proto":"number","to_port":"number"}]],"update_type":"string","updated_at":"string","updated_by":["map","string"]}]],"description":"list of virtual services","description_kind":"plain","computed":true},"labels":{"type":"string","description":"List of lists of label URIs, encoded as a JSON string","description_kind":"plain","optional":true},"max_results":{"type":"string","description":"Maximum number of Virtual Services to return. The integer should be a non-zero positive integer","description_kind":"plain","optional":true},"name":{"type":"string","description":"Name on which to filter. Supports partial matches","description_kind":"plain","optional":true},"pversion":{"type":"string","description":"pversion of the security policy. Allowed values are \"draft\", \"active\", and numbers greater than 0. Default value: \"draft\"","description_kind":"plain","optional":true},"service":{"type":"string","description":"Service URI","description_kind":"plain","optional":true},"service_address_fqdn":{"type":"string","description":"FQDN configured under service_address property, supports partial matches","description_kind":"plain","optional":true},"service_address_ip":{"type":"string","description":"IP address configured under service_address property, supports partial matches","description_kind":"plain","optional":true},"service_ports_port":{"type":"string","description":"Specify port or port range to filter results. The range is from -1 to 65535","description_kind":"plain","optional":true},"service_ports_proto":{"type":"string","description":"Protocol to filter on","description_kind":"plain","optional":true},"usage":{"type":"string","description":"Include Virtual Service usage flags","description_kind":"plain","optional":true}},"description":"Represents Illumio Virtual Services","description_kind":"plain"}},"illumio-core_vulnerabilities":{"version":1,"block":{"attributes":{"id":{"type":"string","description_kind":"plain","optional":true,"computed":true},"items":{"type":["list",["object",{"created_at":"string","created_by":["map","string"],"cve_ids":["list","string"],"description":"string","href":"string","name":"string","score":"number","updated_at":"string","updated_by":["map","string"]}]],"description":"list of vulnerabilities","description_kind":"plain","computed":true},"max_results":{"type":"string","description":"Maximum number of vulnerabilities to return. The integer should be a non-zero positive integer","description_kind":"plain","optional":true}},"description":"Represents Illumio Vulnerabilities","description_kind":"plain"}},"illumio-core_vulnerability":{"version":0,"block":{"attributes":{"created_at":{"type":"string","description":"The time (rfc3339 timestamp) at which this report was created","description_kind":"plain","computed":true},"created_by":{"type":["map","string"],"description":"The Href of the user who created this report","description_kind":"plain","computed":true},"cve_ids":{"type":["list","string"],"description":"The cve_ids for the vulnerability","description_kind":"plain","computed":true},"description":{"type":"string","description":"An arbitrary field to store some details of the vulnerability class","description_kind":"plain","computed":true},"href":{"type":"string","description":"URI of vulnerability","description_kind":"plain","required":true},"id":{"type":"string","description_kind":"plain","optional":true,"computed":true},"name":{"type":"string","description":"The title/name of the vulnerability","description_kind":"plain","computed":true},"score":{"type":"number","description":"The normalized score of the vulnerability within the range of 0 to 100. CVSS Score can be used here with a 10x multiplier","description_kind":"plain","computed":true},"updated_at":{"type":"string","description":"The time (rfc3339 timestamp) at which this report was last updated","description_kind":"plain","computed":true},"updated_by":{"type":["map","string"],"description":"The Href of the user who last updated this report","description_kind":"plain","computed":true}},"description":"Represents Illumio Vulnerability","description_kind":"plain"}},"illumio-core_vulnerability_report":{"version":1,"block":{"attributes":{"authoritative":{"type":"bool","description":"Boolean value specifies whether a report is authoritative (or) not","description_kind":"plain","computed":true},"created_at":{"type":"string","description":"The time (rfc3339 timestamp) at which this report was created","description_kind":"plain","computed":true},"created_by":{"type":["map","string"],"description":"The Href of the user who created this report","description_kind":"plain","computed":true},"exported_at":{"type":"string","description":"The timestamp (rfc3339 timestamp) at which this report was exported","description_kind":"plain","computed":true},"href":{"type":"string","description":"The resource(URI) representation of the vulnerability report","description_kind":"plain","required":true},"id":{"type":"string","description_kind":"plain","optional":true,"computed":true},"name":{"type":"string","description":"User-generated name of the vulnerability report","description_kind":"plain","computed":true},"num_vulnerabilities":{"type":"number","description":"Number of vulnerabilities that belong to this report","description_kind":"plain","computed":true},"report_type":{"type":"string","description":"A string representing the type of the report","description_kind":"plain","computed":true},"scanned_ips":{"type":["list","string"],"description":"The ips on which the scan was performed","description_kind":"plain","computed":true},"updated_at":{"type":"string","description":"The time (rfc3339 timestamp) at which this report was last updated","description_kind":"plain","computed":true},"updated_by":{"type":["map","string"],"description":"The Href of the user who last updated this report","description_kind":"plain","computed":true}},"description":"Represents Illumio Vulnerability Reports","description_kind":"plain"}},"illumio-core_vulnerability_reports":{"version":0,"block":{"attributes":{"id":{"type":"string","description_kind":"plain","optional":true,"computed":true},"items":{"type":["list",["object",{"authoritative":"bool","created_at":"string","created_by":["map","string"],"exported_at":"string","href":"string","name":"string","num_vulnerabilities":"number","report_type":"string","scanned_ips":["list","string"],"updated_at":"string","updated_by":["map","string"]}]],"description":"List of Vulnerability Report","description_kind":"plain","computed":true},"max_results":{"type":"string","description":"Maximum number of vulnerability_reports to return. The integer should be a non-zero positive integer","description_kind":"plain","optional":true}},"description":"Represents Illumio Vulnerability Reports","description_kind":"plain"}},"illumio-core_workload":{"version":1,"block":{"attributes":{"agent_to_pce_certificate_authentication_id":{"type":"string","description":"PKI Certificate identifier to be used by the PCE for authenticating the VEN","description_kind":"plain","computed":true},"blocked_connection_action":{"type":"string","description":"Blocked Connection Action for Workload","description_kind":"plain","computed":true},"caps":{"type":["list","string"],"description":"CAPS for Workload","description_kind":"plain","computed":true},"container_cluster":{"type":["list",["object",{"href":"string","name":"string"}]],"description":"Container Cluster for Workload","description_kind":"plain","computed":true},"containers_inherit_host_policy":{"type":"bool","description":"This workload will apply the policy it receives both to itself and the containers hosted by it","description_kind":"plain","computed":true},"created_at":{"type":"string","description":"Timestamp when this Workload was first created","description_kind":"plain","computed":true},"created_by":{"type":["map","string"],"description":"User who created this Workload","description_kind":"plain","computed":true},"data_center":{"type":"string","description":"Data center for Workload","description_kind":"plain","computed":true},"data_center_zone":{"type":"string","description":"Data center Zone for Workload","description_kind":"plain","computed":true},"deleted":{"type":"bool","description":"This indicates that the workload has been deleted","description_kind":"plain","computed":true},"deleted_at":{"type":"string","description":"Timestamp when this Workload was deleted","description_kind":"plain","computed":true},"deleted_by":{"type":["map","string"],"description":"User who deleted this Workload","description_kind":"plain","computed":true},"description":{"type":"string","description":"Description of the Workload","description_kind":"plain","computed":true},"detected_vulnerabilities":{"type":["list",["object",{"ip_address":"string","port":"number","port_exposure":"number","port_wide_exposure":["list",["object",{"any":"bool","ip_list":"bool"}]],"proto":"number","vulnerability":["list",["object",{"href":"string","name":"string","score":"number"}]],"vulnerability_report":["list",["object",{"href":"string"}]],"workload":["list",["object",{"href":"string"}]]}]],"description":"Detected Vulnerabilities","description_kind":"plain","computed":true},"distinguished_name":{"type":"string","description":"X.509 Subject distinguished name","description_kind":"plain","computed":true},"enforcement_mode":{"type":"string","description":"Enforcement mode of workload(s) to return","description_kind":"plain","computed":true},"external_data_reference":{"type":"string","description":"A unique identifier within the external data source","description_kind":"plain","computed":true},"external_data_set":{"type":"string","description":"The data source from which a resource originates","description_kind":"plain","computed":true},"firewall_coexistence":{"type":["list",["object",{"illumio_primary":"bool"}]],"description":"Firewall coexistence mode","description_kind":"plain","computed":true},"hostname":{"type":"string","description":"The hostname of this workload","description_kind":"plain","computed":true},"href":{"type":"string","description":"URI of the Workload","description_kind":"plain","required":true},"id":{"type":"string","description_kind":"plain","optional":true,"computed":true},"ignored_interface_names":{"type":["list","string"],"description":"Ignored Interface Names for Workload","description_kind":"plain","computed":true},"ike_authentication_certificate":{"type":["map","string"],"description":"IKE authentication certificate for certificate-based Secure Connect and Machine Auth","description_kind":"plain","computed":true},"interfaces":{"type":["list",["object",{"address":"string","cidr_block":"number","default_gateway_address":"string","friendly_name":"string","link_state":"string","loopback":"bool","name":"string","network":["map","string"],"network_detection_mode":"string"}]],"description":"A unique identifier within the external data source","description_kind":"plain","computed":true},"labels":{"type":["list",["object",{"href":"string"}]],"description":"List of label URIs","description_kind":"plain","computed":true},"name":{"type":"string","description":"Name of the Workload","description_kind":"plain","computed":true},"online":{"type":"bool","description":"Determines if this workload is online","description_kind":"plain","computed":true},"os_detail":{"type":"string","description":"Additional OS details - just displayed to end-user","description_kind":"plain","computed":true},"os_id":{"type":"string","description":"OS identifier for Workload","description_kind":"plain","computed":true},"public_ip":{"type":"string","description":"The public IP address of the server","description_kind":"plain","computed":true},"selectively_enforced_services":{"type":["list",["object",{"href":"string","port":"number","proto":"number","to_port":"number"}]],"description":"Selectively Enforced Services for Workload","description_kind":"plain","computed":true},"service_principal_name":{"type":"string","description":"The Kerberos Service Principal Name (SPN)","description_kind":"plain","computed":true},"service_provider":{"type":"string","description":"Service provider for Workload","description_kind":"plain","computed":true},"services":{"type":["list",["object",{"created_at":"string","open_service_ports":["list",["object",{"address":"string","package":"string","port":"number","process_name":"string","protocol":"number","user":"string","win_service_name":"string"}]],"uptime_seconds":"number"}]],"description":"Service report for Workload","description_kind":"plain","computed":true},"updated_at":{"type":"string","description":"Timestamp when this Workload was last updated","description_kind":"plain","computed":true},"updated_by":{"type":["map","string"],"description":"User who last updated this Workload","description_kind":"plain","computed":true},"ven":{"type":["map","string"],"description":"VENS for Workload","description_kind":"plain","computed":true},"visibility_level":{"type":"string","description":"Visibility Level of workload(s) to return","description_kind":"plain","computed":true},"vulnerabilities_summary":{"type":["list",["object",{"max_vulnerability_score":"number","num_vulnerabilities":"number","vulnerability_exposure_score":"number","vulnerability_score":"number","vulnerable_port_exposure":"number","vulnerable_port_wide_exposure":["list",["object",{"any":"bool","ip_list":"bool"}]]}]],"description":"Vulnerabilities summary associated with the workload","description_kind":"plain","computed":true}},"description":"Represents Illumio Workload","description_kind":"plain"}},"illumio-core_workload_interface":{"version":1,"block":{"attributes":{"address":{"type":"string","description":"The IP Address to assign to this interface\t\t\t\t","description_kind":"plain","computed":true},"cidr_block":{"type":"number","description":"The number of bits in the subnet /24 is 255.255.255.0","description_kind":"plain","computed":true},"default_gateway_address":{"type":"string","description":"The IP Address of the default gateway","description_kind":"plain","computed":true},"friendly_name":{"type":"string","description":"User-friendly name for Workload Interface","description_kind":"plain","computed":true},"href":{"type":"string","description":"URI of the Workload Interface","description_kind":"plain","required":true},"id":{"type":"string","description_kind":"plain","optional":true,"computed":true},"link_state":{"type":"string","description":"Link State for Workload Interface","description_kind":"plain","computed":true},"loopback":{"type":"bool","description":"Loopback for Workload Interface","description_kind":"plain","computed":true},"name":{"type":"string","description":"Name of the Workload Interface","description_kind":"plain","computed":true},"network":{"type":["map","string"],"description":"Network for the Workload Interface. ","description_kind":"plain","computed":true},"network_detection_mode":{"type":"string","description":"Network Detection Mode for Workload Interface","description_kind":"plain","computed":true}},"description":"Represents Illumio Workload Interface","description_kind":"plain"}},"illumio-core_workload_interfaces":{"version":0,"block":{"attributes":{"id":{"type":"string","description_kind":"plain","optional":true,"computed":true},"items":{"type":["list",["object",{"address":"string","cidr_block":"number","default_gateway_address":"string","friendly_name":"string","href":"string","link_state":"string","loopback":"bool","name":"string","network":["map","string"],"network_detection_mode":"string"}]],"description":"list of Workload Interfaces","description_kind":"plain","computed":true},"workload_href":{"type":"string","description":"URI of Workload","description_kind":"plain","required":true}},"description":"Represents Illumio Workload Interfaces","description_kind":"plain"}},"illumio-core_workload_settings":{"version":1,"block":{"attributes":{"href":{"type":"string","description":"URI of the Workload Settings","description_kind":"plain","computed":true},"id":{"type":"string","description_kind":"plain","optional":true,"computed":true},"workload_disconnected_timeout_seconds":{"type":["list",["object",{"scope":["list",["object",{"href":"string"}]],"value":"number"}]],"description":"Workload Disconnected Timeout Seconds for Workload Settings","description_kind":"plain","computed":true},"workload_goodbye_timeout_seconds":{"type":["list",["object",{"scope":["list",["object",{"href":"string"}]],"value":"number"}]],"description":"Workload Goodbye Timeout Seconds for Workload Settings","description_kind":"plain","computed":true}},"description":"Represents Illumio Workload Settings","description_kind":"plain"}},"illumio-core_workloads":{"version":0,"block":{"attributes":{"agent_active_pce_fqdn":{"type":"string","description":"FQDN of the PCE","description_kind":"plain","optional":true},"container_clusters":{"type":"string","description":"List of container cluster URIs, encoded as a JSON string","description_kind":"plain","optional":true},"description":{"type":"string","description":"Description of workload(s) to return. Supports partial matches","description_kind":"plain","optional":true},"enforcement_mode":{"type":"string","description":"Enforcement mode of workload(s) to return. Allowed values are \"idle\", \"visibility_only\", \"full\" and \"selective\"","description_kind":"plain","optional":true},"external_data_reference":{"type":"string","description":"A unique identifier within the external data source","description_kind":"plain","optional":true},"external_data_set":{"type":"string","description":"The data source from which a resource originates","description_kind":"plain","optional":true},"hostname":{"type":"string","description":"Hostname of workload(s) to return. Supports partial matches","description_kind":"plain","optional":true},"id":{"type":"string","description_kind":"plain","optional":true,"computed":true},"include_deleted":{"type":"string","description":"Include deleted workloads","description_kind":"plain","optional":true},"ip_address":{"type":"string","description":"IP address of workload(s) to return. Supports partial matches","description_kind":"plain","optional":true},"items":{"type":["list",["object",{"agent_to_pce_certificate_authentication_id":"string","blocked_connection_action":"string","caps":["list","string"],"container_cluster":["list",["object",{"href":"string","name":"string"}]],"containers_inherit_host_policy":"bool","created_at":"string","created_by":["map","string"],"data_center":"string","data_center_zone":"string","deleted":"bool","deleted_at":"string","deleted_by":["map","string"],"description":"string","detected_vulnerabilities":["list",["object",{"ip_address":"string","port":"number","port_exposure":"number","port_wide_exposure":["list",["object",{"any":"bool","ip_list":"bool"}]],"proto":"number","vulnerability":["list",["object",{"href":"string","name":"string","score":"number"}]],"vulnerability_report":["list",["object",{"href":"string"}]],"workload":["list",["object",{"href":"string"}]]}]],"distinguished_name":"string","enforcement_mode":"string","external_data_reference":"string","external_data_set":"string","firewall_coexistence":["list",["object",{"illumio_primary":"bool"}]],"hostname":"string","href":"string","ignored_interface_names":["list","string"],"ike_authentication_certificate":["map","string"],"interfaces":["list",["object",{"address":"string","cidr_block":"number","default_gateway_address":"string","friendly_name":"string","link_state":"string","loopback":"bool","name":"string","network":["map","string"],"network_detection_mode":"string"}]],"labels":["list",["object",{"href":"string"}]],"name":"string","online":"bool","os_detail":"string","os_id":"string","public_ip":"string","selectively_enforced_services":["list",["object",{"href":"string","port":"number","proto":"number","to_port":"number"}]],"service_principal_name":"string","service_provider":"string","services":["list",["object",{"created_at":"string","open_service_ports":["list",["object",{"address":"string","package":"string","port":"number","process_name":"string","protocol":"number","user":"string","win_service_name":"string"}]],"uptime_seconds":"number"}]],"updated_at":"string","updated_by":["map","string"],"ven":["map","string"],"visibility_level":"string","vulnerabilities_summary":["list",["object",{"max_vulnerability_score":"number","num_vulnerabilities":"number","vulnerability_exposure_score":"number","vulnerability_score":"number","vulnerable_port_exposure":"number","vulnerable_port_wide_exposure":["list",["object",{"any":"bool","ip_list":"bool"}]]}]]}]],"description":"list of workloads","description_kind":"plain","computed":true},"labels":{"type":"string","description":"List of lists of label URIs, encoded as a JSON string","description_kind":"plain","optional":true},"last_heartbeat_on_gte":{"type":"string","description":"Greater than or equal to value for last heartbeat on timestamp","description_kind":"plain","optional":true},"last_heartbeat_on_lte":{"type":"string","description":"Less than or equal to value for last heartbeat on timestamp","description_kind":"plain","optional":true},"log_traffic":{"type":"string","description":"Whether we want to log traffic events from this workload","description_kind":"plain","optional":true},"managed":{"type":"string","description":"Return managed or unmanaged workloads using this filter","description_kind":"plain","optional":true},"max_results":{"type":"string","description":"Maximum number of workloads to return. The integer should be a non-zero positive integer","description_kind":"plain","optional":true},"name":{"type":"string","description":"Name of workload(s) to return. Supports partial matches","description_kind":"plain","optional":true},"online":{"type":"string","description":"Return online/offline workloads using this filter","description_kind":"plain","optional":true},"os_id":{"type":"string","description":"Operating System of workload(s) to return. Supports partial matches","description_kind":"plain","optional":true},"policy_health":{"type":"string","description":"Policy of health of workload(s) to return. Allowed values are \"active\", \"warning\", \"error\" and \"suspended\"","description_kind":"plain","optional":true},"security_policy_sync_state":{"type":"string","description":"Advanced search option for workload based on policy sync state. Allowed value: \"staged\"","description_kind":"plain","optional":true},"security_policy_update_mode":{"type":"string","description":"Advanced search option for workload based on security policy update mode. Allowed values are \"static\" and \"adaptive\"","description_kind":"plain","optional":true},"ven":{"type":"string","description":"URI of VEN to filter by","description_kind":"plain","optional":true},"visibility_level":{"type":"string","description":"Filter by visibility level. Allowed values are \"flow_full_detail\", \"flow_summary\", \"flow_drops\", \"flow_off\" and \"enhanced_data_collection\"","description_kind":"plain","optional":true},"vulnerability_summary_vulnerability_exposure_score_gte":{"type":"string","description":"Greater than or equal to value for vulnerability_exposure_score","description_kind":"plain","optional":true},"vulnerability_summary_vulnerability_exposure_score_lte":{"type":"string","description":"Less than or equal to value for vulnerability_exposure_score","description_kind":"plain","optional":true}},"description":"Represents Illumio Workloads","description_kind":"plain"}}}}}}
