{"format_version":"0.2","provider_schemas":{"registry.terraform.io/instaclustr/instaclustr":{"provider":{"version":0,"block":{"attributes":{"api_hostname":{"type":"string","description_kind":"plain","optional":true},"api_key":{"type":"string","description_kind":"plain","required":true},"username":{"type":"string","description_kind":"plain","required":true}},"description_kind":"plain"}},"resource_schemas":{"instaclustr_cluster":{"version":0,"block":{"attributes":{"bundles":{"type":["list",["map","string"]],"description_kind":"plain","optional":true},"cluster_id":{"type":"string","description_kind":"plain","computed":true},"cluster_name":{"type":"string","description_kind":"plain","required":true},"cluster_network":{"type":"string","description_kind":"plain","optional":true},"cluster_provider":{"type":["map","string"],"description_kind":"plain","required":true},"data_centre":{"type":"string","description_kind":"plain","required":true},"id":{"type":"string","description_kind":"plain","optional":true,"computed":true},"kafka_rest_proxy_user_password":{"type":"string","description_kind":"plain","optional":true,"sensitive":true},"kafka_schema_registry_user_password":{"type":"string","description_kind":"plain","optional":true,"sensitive":true},"node_size":{"type":"string","description_kind":"plain","required":true},"pci_compliant_cluster":{"type":"bool","description_kind":"plain","optional":true},"private_contact_point":{"type":["set","string"],"description_kind":"plain","optional":true,"computed":true},"private_network_cluster":{"type":"bool","description_kind":"plain","optional":true},"public_contact_point":{"type":["set","string"],"description_kind":"plain","optional":true,"computed":true},"rack_allocation":{"type":["map","string"],"description_kind":"plain","optional":true},"sla_tier":{"type":"string","description_kind":"plain","optional":true},"tags":{"type":["map","string"],"description_kind":"plain","optional":true},"wait_for_state":{"type":"string","description_kind":"plain","optional":true}},"block_types":{"bundle":{"nesting_mode":"list","block":{"attributes":{"bundle":{"type":"string","description_kind":"plain","required":true},"options":{"type":["map","string"],"description_kind":"plain","optional":true},"version":{"type":"string","description_kind":"plain","required":true}},"description_kind":"plain"},"min_items":1},"timeouts":{"nesting_mode":"single","block":{"attributes":{"create":{"type":"string","description_kind":"plain","optional":true}},"description_kind":"plain"}}},"description_kind":"plain"}},"instaclustr_encryption_key":{"version":0,"block":{"attributes":{"alias":{"type":"string","description_kind":"plain","optional":true},"arn":{"type":"string","description_kind":"plain","optional":true},"id":{"type":"string","description_kind":"plain","optional":true,"computed":true},"key_id":{"type":"string","description_kind":"plain","computed":true},"key_provider":{"type":"string","description_kind":"plain","optional":true}},"description_kind":"plain"}},"instaclustr_firewall_rule":{"version":0,"block":{"attributes":{"cluster_id":{"type":"string","description_kind":"plain","required":true},"id":{"type":"string","description_kind":"plain","optional":true,"computed":true},"rule_cidr":{"type":"string","description_kind":"plain","optional":true},"rule_security_group_id":{"type":"string","description_kind":"plain","optional":true},"rules":{"type":["list",["map","string"]],"description_kind":"plain","required":true}},"description_kind":"plain"}},"instaclustr_kafka_user":{"version":0,"block":{"attributes":{"cluster_id":{"type":"string","description_kind":"plain","required":true},"id":{"type":"string","description_kind":"plain","optional":true,"computed":true},"initial_permissions":{"type":"string","description_kind":"plain","optional":true},"password":{"type":"string","description_kind":"plain","required":true,"sensitive":true},"username":{"type":"string","description_kind":"plain","required":true}},"description_kind":"plain"}},"instaclustr_vpc_peering":{"version":0,"block":{"attributes":{"aws_vpc_connection_id":{"type":"string","description_kind":"plain","computed":true},"cdc_id":{"type":"string","description_kind":"plain","computed":true},"cluster_id":{"type":"string","description_kind":"plain","required":true},"id":{"type":"string","description_kind":"plain","optional":true,"computed":true},"peer_account_id":{"type":"string","description_kind":"plain","required":true},"peer_region":{"type":"string","description_kind":"plain","optional":true},"peer_subnet":{"type":"string","description_kind":"plain","required":true},"peer_vpc_id":{"type":"string","description_kind":"plain","required":true},"vpc_peering_id":{"type":"string","description_kind":"plain","computed":true}},"description_kind":"plain"}}},"data_source_schemas":{"instaclustr_cluster_credentials":{"version":0,"block":{"attributes":{"certificate_download":{"type":"string","description_kind":"plain","computed":true},"cluster_id":{"type":"string","description_kind":"plain","required":true},"cluster_password":{"type":"string","description_kind":"plain","computed":true,"sensitive":true},"id":{"type":"string","description_kind":"plain","optional":true,"computed":true}},"description_kind":"plain"}},"instaclustr_kafka_user_list":{"version":0,"block":{"attributes":{"cluster_id":{"type":"string","description_kind":"plain","required":true},"id":{"type":"string","description_kind":"plain","optional":true,"computed":true},"username_list":{"type":["list","string"],"description_kind":"plain","computed":true}},"description_kind":"plain"}}}}}}
