{"format_version":"0.2","provider_schemas":{"registry.terraform.io/ionos-cloud/ionoscloud":{"provider":{"version":0,"block":{"attributes":{"endpoint":{"type":"string","description":"IonosCloud REST API URL.","description_kind":"plain","optional":true},"password":{"type":"string","description":"IonosCloud password for API operations. If token is provided, token is preferred","description_kind":"plain","optional":true},"retries":{"type":"number","description_kind":"plain","deprecated":true,"optional":true},"token":{"type":"string","description":"IonosCloud bearer token for API operations.","description_kind":"plain","optional":true},"username":{"type":"string","description":"IonosCloud username for API operations. If token is provided, token is preferred","description_kind":"plain","optional":true}},"description_kind":"plain"}},"resource_schemas":{"ionoscloud_backup_unit":{"version":0,"block":{"attributes":{"email":{"type":"string","description":"The e-mail address you want assigned to the backup unit.","description_kind":"plain","required":true},"id":{"type":"string","description_kind":"plain","optional":true,"computed":true},"login":{"type":"string","description":"The login associated with the backup unit. Derived from the contract number","description_kind":"plain","computed":true},"name":{"type":"string","description":"Alphanumeric name you want assigned to the backup unit.","description_kind":"plain","required":true},"password":{"type":"string","description":"The password you want assigned to the backup unit.","description_kind":"plain","required":true,"sensitive":true}},"block_types":{"timeouts":{"nesting_mode":"single","block":{"attributes":{"create":{"type":"string","description_kind":"plain","optional":true},"default":{"type":"string","description_kind":"plain","optional":true},"delete":{"type":"string","description_kind":"plain","optional":true},"update":{"type":"string","description_kind":"plain","optional":true}},"description_kind":"plain"}}},"description_kind":"plain"}},"ionoscloud_datacenter":{"version":0,"block":{"attributes":{"cpu_architecture":{"type":["list",["object",{"cpu_family":"string","max_cores":"number","max_ram":"number","vendor":"string"}]],"description_kind":"plain","computed":true},"description":{"type":"string","description_kind":"plain","optional":true,"computed":true},"features":{"type":["list","string"],"description_kind":"plain","computed":true},"id":{"type":"string","description_kind":"plain","optional":true,"computed":true},"location":{"type":"string","description_kind":"plain","required":true},"name":{"type":"string","description_kind":"plain","required":true},"sec_auth_protection":{"type":"bool","description_kind":"plain","optional":true},"version":{"type":"number","description_kind":"plain","computed":true}},"block_types":{"timeouts":{"nesting_mode":"single","block":{"attributes":{"create":{"type":"string","description_kind":"plain","optional":true},"default":{"type":"string","description_kind":"plain","optional":true},"delete":{"type":"string","description_kind":"plain","optional":true},"update":{"type":"string","description_kind":"plain","optional":true}},"description_kind":"plain"}}},"description_kind":"plain"}},"ionoscloud_firewall":{"version":0,"block":{"attributes":{"datacenter_id":{"type":"string","description_kind":"plain","required":true},"icmp_code":{"type":"string","description_kind":"plain","optional":true},"icmp_type":{"type":"string","description_kind":"plain","optional":true},"id":{"type":"string","description_kind":"plain","optional":true,"computed":true},"name":{"type":"string","description_kind":"plain","optional":true},"nic_id":{"type":"string","description_kind":"plain","required":true},"port_range_end":{"type":"number","description_kind":"plain","optional":true},"port_range_start":{"type":"number","description_kind":"plain","optional":true},"protocol":{"type":"string","description_kind":"plain","required":true},"server_id":{"type":"string","description_kind":"plain","required":true},"source_ip":{"type":"string","description_kind":"plain","optional":true},"source_mac":{"type":"string","description_kind":"plain","optional":true},"target_ip":{"type":"string","description_kind":"plain","optional":true},"type":{"type":"string","description_kind":"plain","optional":true,"computed":true}},"block_types":{"timeouts":{"nesting_mode":"single","block":{"attributes":{"create":{"type":"string","description_kind":"plain","optional":true},"default":{"type":"string","description_kind":"plain","optional":true},"delete":{"type":"string","description_kind":"plain","optional":true},"update":{"type":"string","description_kind":"plain","optional":true}},"description_kind":"plain"}}},"description_kind":"plain"}},"ionoscloud_group":{"version":0,"block":{"attributes":{"access_activity_log":{"type":"bool","description_kind":"plain","optional":true},"access_and_manage_certificates":{"type":"bool","description_kind":"plain","optional":true},"access_and_manage_monitoring":{"type":"bool","description_kind":"plain","optional":true},"create_backup_unit":{"type":"bool","description_kind":"plain","optional":true},"create_datacenter":{"type":"bool","description_kind":"plain","optional":true},"create_flow_log":{"type":"bool","description_kind":"plain","optional":true},"create_internet_access":{"type":"bool","description_kind":"plain","optional":true},"create_k8s_cluster":{"type":"bool","description_kind":"plain","optional":true},"create_pcc":{"type":"bool","description_kind":"plain","optional":true},"create_snapshot":{"type":"bool","description_kind":"plain","optional":true},"id":{"type":"string","description_kind":"plain","optional":true,"computed":true},"name":{"type":"string","description_kind":"plain","required":true},"reserve_ip":{"type":"bool","description_kind":"plain","optional":true},"s3_privilege":{"type":"bool","description_kind":"plain","optional":true},"user_id":{"type":"string","description_kind":"plain","optional":true},"users":{"type":["set",["object",{"administrator":"bool","email":"string","first_name":"string","force_sec_auth":"bool","last_name":"string","password":"string"}]],"description_kind":"plain","computed":true}},"block_types":{"timeouts":{"nesting_mode":"single","block":{"attributes":{"create":{"type":"string","description_kind":"plain","optional":true},"default":{"type":"string","description_kind":"plain","optional":true},"delete":{"type":"string","description_kind":"plain","optional":true},"update":{"type":"string","description_kind":"plain","optional":true}},"description_kind":"plain"}}},"description_kind":"plain"}},"ionoscloud_ipblock":{"version":0,"block":{"attributes":{"id":{"type":"string","description_kind":"plain","optional":true,"computed":true},"ips":{"type":["list","string"],"description_kind":"plain","computed":true},"location":{"type":"string","description_kind":"plain","required":true},"name":{"type":"string","description_kind":"plain","optional":true},"size":{"type":"number","description_kind":"plain","required":true}},"block_types":{"ip_consumers":{"nesting_mode":"list","block":{"attributes":{"datacenter_id":{"type":"string","description_kind":"plain","computed":true},"datacenter_name":{"type":"string","description_kind":"plain","computed":true},"ip":{"type":"string","description_kind":"plain","computed":true},"k8s_cluster_uuid":{"type":"string","description_kind":"plain","computed":true},"k8s_nodepool_uuid":{"type":"string","description_kind":"plain","computed":true},"mac":{"type":"string","description_kind":"plain","computed":true},"nic_id":{"type":"string","description_kind":"plain","computed":true},"server_id":{"type":"string","description_kind":"plain","computed":true},"server_name":{"type":"string","description_kind":"plain","computed":true}},"description_kind":"plain"}},"timeouts":{"nesting_mode":"single","block":{"attributes":{"create":{"type":"string","description_kind":"plain","optional":true},"default":{"type":"string","description_kind":"plain","optional":true},"delete":{"type":"string","description_kind":"plain","optional":true},"update":{"type":"string","description_kind":"plain","optional":true}},"description_kind":"plain"}}},"description_kind":"plain"}},"ionoscloud_ipfailover":{"version":0,"block":{"attributes":{"datacenter_id":{"type":"string","description_kind":"plain","required":true},"id":{"type":"string","description_kind":"plain","optional":true,"computed":true},"ip":{"type":"string","description_kind":"plain","required":true},"lan_id":{"type":"string","description_kind":"plain","required":true},"nicuuid":{"type":"string","description_kind":"plain","required":true}},"block_types":{"timeouts":{"nesting_mode":"single","block":{"attributes":{"create":{"type":"string","description_kind":"plain","optional":true},"default":{"type":"string","description_kind":"plain","optional":true},"delete":{"type":"string","description_kind":"plain","optional":true},"update":{"type":"string","description_kind":"plain","optional":true}},"description_kind":"plain"}}},"description_kind":"plain"}},"ionoscloud_k8s_cluster":{"version":0,"block":{"attributes":{"api_subnet_allow_list":{"type":["list","string"],"description":"Access to the K8s API server is restricted to these CIDRs. Cluster-internal traffic is not affected by this restriction. If no allowlist is specified, access is not restricted. If an IP without subnet mask is provided, the default value will be used: 32 for IPv4 and 128 for IPv6.","description_kind":"plain","optional":true},"available_upgrade_versions":{"type":["list","string"],"description":"List of available versions for upgrading the cluster","description_kind":"plain","optional":true,"computed":true},"gateway_ip":{"type":"string","description":"The IP address of the gateway used by the cluster. This is mandatory when `public` is set to `false` and should not be provided otherwise.","description_kind":"plain","optional":true},"id":{"type":"string","description_kind":"plain","optional":true,"computed":true},"k8s_version":{"type":"string","description":"The desired kubernetes version","description_kind":"plain","optional":true,"computed":true},"name":{"type":"string","description":"The desired name for the cluster","description_kind":"plain","required":true},"public":{"type":"bool","description":"The indicator if the cluster is public or private. Be aware that setting it to false is currently in beta phase.","description_kind":"plain","optional":true},"viable_node_pool_versions":{"type":["list","string"],"description":"List of versions that may be used for node pools under this cluster","description_kind":"plain","optional":true,"computed":true}},"block_types":{"maintenance_window":{"nesting_mode":"list","block":{"attributes":{"day_of_the_week":{"type":"string","description":"Day of the week when maintenance is allowed","description_kind":"plain","required":true},"time":{"type":"string","description":"A clock time in the day when maintenance is allowed","description_kind":"plain","required":true}},"description":"A maintenance window comprise of a day of the week and a time for maintenance to be allowed","description_kind":"plain"},"max_items":1},"s3_buckets":{"nesting_mode":"list","block":{"attributes":{"name":{"type":"string","description":"Name of the S3 bucket","description_kind":"plain","required":true}},"description":"List of S3 bucket configured for K8s usage. For now it contains only an S3 bucket used to store K8s API audit logs.","description_kind":"plain"}},"timeouts":{"nesting_mode":"single","block":{"attributes":{"create":{"type":"string","description_kind":"plain","optional":true},"default":{"type":"string","description_kind":"plain","optional":true},"delete":{"type":"string","description_kind":"plain","optional":true},"update":{"type":"string","description_kind":"plain","optional":true}},"description_kind":"plain"}}},"description_kind":"plain"}},"ionoscloud_k8s_node_pool":{"version":0,"block":{"attributes":{"annotations":{"type":["map","string"],"description_kind":"plain","optional":true},"availability_zone":{"type":"string","description":"The compute availability zone in which the nodes should exist","description_kind":"plain","required":true},"cores_count":{"type":"number","description":"CPU cores count","description_kind":"plain","required":true},"cpu_family":{"type":"string","description":"CPU Family","description_kind":"plain","required":true},"datacenter_id":{"type":"string","description":"The UUID of the VDC","description_kind":"plain","required":true},"id":{"type":"string","description_kind":"plain","optional":true,"computed":true},"k8s_cluster_id":{"type":"string","description":"The UUID of an existing kubernetes cluster","description_kind":"plain","required":true},"k8s_version":{"type":"string","description":"The desired kubernetes version","description_kind":"plain","optional":true},"labels":{"type":["map","string"],"description_kind":"plain","optional":true},"name":{"type":"string","description":"The desired name for the node pool","description_kind":"plain","required":true},"node_count":{"type":"number","description":"The number of nodes in this node pool","description_kind":"plain","required":true},"public_ips":{"type":["list","string"],"description":"A list of fixed IPs","description_kind":"plain","optional":true},"ram_size":{"type":"number","description":"The amount of RAM in MB","description_kind":"plain","required":true},"storage_size":{"type":"number","description":"The total allocated storage capacity of a node in GB","description_kind":"plain","required":true},"storage_type":{"type":"string","description":"Storage type to use","description_kind":"plain","required":true}},"block_types":{"auto_scaling":{"nesting_mode":"list","block":{"attributes":{"max_node_count":{"type":"number","description":"The maximum number of worker nodes that the node pool can scale to. Should be greater than min_node_count","description_kind":"plain","required":true},"min_node_count":{"type":"number","description":"The minimum number of worker nodes the node pool can scale down to. Should be less than max_node_count","description_kind":"plain","required":true}},"description":"The range defining the minimum and maximum number of worker nodes that the managed node group can scale in","description_kind":"plain"},"max_items":1},"lans":{"nesting_mode":"list","block":{"attributes":{"dhcp":{"type":"bool","description":"Indicates if the Kubernetes Node Pool LAN will reserve an IP using DHCP","description_kind":"plain","optional":true},"id":{"type":"number","description":"The LAN ID of an existing LAN at the related datacenter","description_kind":"plain","required":true}},"block_types":{"routes":{"nesting_mode":"list","block":{"attributes":{"gateway_ip":{"type":"string","description":"IPv4 or IPv6 Gateway IP for the route","description_kind":"plain","required":true},"network":{"type":"string","description":"IPv4 or IPv6 CIDR to be routed via the interface","description_kind":"plain","required":true}},"description":"An array of additional LANs attached to worker nodes","description_kind":"plain"}}},"description":"A list of Local Area Networks the node pool should be part of","description_kind":"plain"}},"maintenance_window":{"nesting_mode":"list","block":{"attributes":{"day_of_the_week":{"type":"string","description":"Day of the week when maintenance is allowed","description_kind":"plain","required":true},"time":{"type":"string","description":"A clock time in the day when maintenance is allowed","description_kind":"plain","required":true}},"description":"A maintenance window comprise of a day of the week and a time for maintenance to be allowed","description_kind":"plain"},"max_items":1},"timeouts":{"nesting_mode":"single","block":{"attributes":{"create":{"type":"string","description_kind":"plain","optional":true},"default":{"type":"string","description_kind":"plain","optional":true},"delete":{"type":"string","description_kind":"plain","optional":true},"update":{"type":"string","description_kind":"plain","optional":true}},"description_kind":"plain"}}},"description_kind":"plain"}},"ionoscloud_lan":{"version":0,"block":{"attributes":{"datacenter_id":{"type":"string","description_kind":"plain","required":true},"id":{"type":"string","description_kind":"plain","optional":true,"computed":true},"name":{"type":"string","description_kind":"plain","optional":true},"pcc":{"type":"string","description_kind":"plain","optional":true},"public":{"type":"bool","description_kind":"plain","optional":true}},"block_types":{"ip_failover":{"nesting_mode":"list","block":{"attributes":{"ip":{"type":"string","description_kind":"plain","computed":true},"nic_uuid":{"type":"string","description_kind":"plain","computed":true}},"description_kind":"plain"}},"timeouts":{"nesting_mode":"single","block":{"attributes":{"create":{"type":"string","description_kind":"plain","optional":true},"default":{"type":"string","description_kind":"plain","optional":true},"delete":{"type":"string","description_kind":"plain","optional":true},"update":{"type":"string","description_kind":"plain","optional":true}},"description_kind":"plain"}}},"description_kind":"plain"}},"ionoscloud_loadbalancer":{"version":0,"block":{"attributes":{"datacenter_id":{"type":"string","description_kind":"plain","required":true},"dhcp":{"type":"bool","description_kind":"plain","optional":true},"id":{"type":"string","description_kind":"plain","optional":true,"computed":true},"ip":{"type":"string","description_kind":"plain","optional":true,"computed":true},"name":{"type":"string","description_kind":"plain","required":true},"nic_ids":{"type":["list","string"],"description_kind":"plain","required":true}},"block_types":{"timeouts":{"nesting_mode":"single","block":{"attributes":{"create":{"type":"string","description_kind":"plain","optional":true},"default":{"type":"string","description_kind":"plain","optional":true},"delete":{"type":"string","description_kind":"plain","optional":true},"update":{"type":"string","description_kind":"plain","optional":true}},"description_kind":"plain"}}},"description_kind":"plain"}},"ionoscloud_natgateway":{"version":0,"block":{"attributes":{"datacenter_id":{"type":"string","description_kind":"plain","required":true},"id":{"type":"string","description_kind":"plain","optional":true,"computed":true},"name":{"type":"string","description":"Name of the NAT gateway","description_kind":"plain","required":true},"public_ips":{"type":["list","string"],"description":"Collection of public IP addresses of the NAT gateway. Should be customer reserved IP addresses in that location","description_kind":"plain","required":true}},"block_types":{"lans":{"nesting_mode":"list","block":{"attributes":{"gateway_ips":{"type":["list","string"],"description":"Collection of gateway IP addresses of the NAT gateway. Will be auto-generated if not provided. Should ideally be an IP belonging to the same subnet as the LAN","description_kind":"plain","optional":true,"computed":true},"id":{"type":"number","description":"Id for the LAN connected to the NAT gateway","description_kind":"plain","required":true}},"description":"A list of Local Area Networks the node pool should be part of","description_kind":"plain"},"min_items":1},"timeouts":{"nesting_mode":"single","block":{"attributes":{"create":{"type":"string","description_kind":"plain","optional":true},"default":{"type":"string","description_kind":"plain","optional":true},"delete":{"type":"string","description_kind":"plain","optional":true},"update":{"type":"string","description_kind":"plain","optional":true}},"description_kind":"plain"}}},"description_kind":"plain"}},"ionoscloud_natgateway_rule":{"version":0,"block":{"attributes":{"datacenter_id":{"type":"string","description_kind":"plain","required":true},"id":{"type":"string","description_kind":"plain","optional":true,"computed":true},"name":{"type":"string","description":"Name of the NAT gateway rule","description_kind":"plain","required":true},"natgateway_id":{"type":"string","description_kind":"plain","required":true},"protocol":{"type":"string","description":"Protocol of the NAT gateway rule. Defaults to ALL. If protocol is 'ICMP' then targetPortRange start and end cannot be set.","description_kind":"plain","optional":true,"computed":true},"public_ip":{"type":"string","description":"Public IP address of the NAT gateway rule. Specifies the address used for masking outgoing packets source address field. Should be one of the customer reserved IP address already configured on the NAT gateway resource","description_kind":"plain","required":true},"source_subnet":{"type":"string","description":"Source subnet of the NAT gateway rule. For SNAT rules it specifies which packets this translation rule applies to based on the packets source IP address.","description_kind":"plain","required":true},"target_subnet":{"type":"string","description":"Target or destination subnet of the NAT gateway rule. For SNAT rules it specifies which packets this translation rule applies to based on the packets destination IP address. If none is provided, rule will match any address.","description_kind":"plain","optional":true,"computed":true},"type":{"type":"string","description":"Type of the NAT gateway rule.","description_kind":"plain","optional":true,"computed":true}},"block_types":{"target_port_range":{"nesting_mode":"list","block":{"attributes":{"end":{"type":"number","description":"Target port range end associated with the NAT gateway rule.","description_kind":"plain","optional":true,"computed":true},"start":{"type":"number","description":"Target port range start associated with the NAT gateway rule.","description_kind":"plain","optional":true,"computed":true}},"description":"Target port range of the NAT gateway rule. For SNAT rules it specifies which packets this translation rule applies to based on destination port. If none is provided, rule will match any port","description_kind":"plain"},"max_items":1},"timeouts":{"nesting_mode":"single","block":{"attributes":{"create":{"type":"string","description_kind":"plain","optional":true},"default":{"type":"string","description_kind":"plain","optional":true},"delete":{"type":"string","description_kind":"plain","optional":true},"update":{"type":"string","description_kind":"plain","optional":true}},"description_kind":"plain"}}},"description_kind":"plain"}},"ionoscloud_networkloadbalancer":{"version":0,"block":{"attributes":{"datacenter_id":{"type":"string","description_kind":"plain","required":true},"id":{"type":"string","description_kind":"plain","optional":true,"computed":true},"ips":{"type":["list","string"],"description":"Collection of IP addresses of the Network Load Balancer. (inbound and outbound) IP of the listenerLan must be a customer reserved IP for the public load balancer and private IP for the private load balancer.","description_kind":"plain","optional":true},"lb_private_ips":{"type":["list","string"],"description":"Collection of private IP addresses with subnet mask of the Network Load Balancer. IPs must contain valid subnet mask. If user will not provide any IP then the system will generate one IP with /24 subnet.","description_kind":"plain","optional":true},"listener_lan":{"type":"number","description":"Id of the listening LAN. (inbound)","description_kind":"plain","required":true},"name":{"type":"string","description":"A name of that Network Load Balancer","description_kind":"plain","required":true},"target_lan":{"type":"number","description":"Id of the balanced private target LAN. (outbound)","description_kind":"plain","required":true}},"block_types":{"timeouts":{"nesting_mode":"single","block":{"attributes":{"create":{"type":"string","description_kind":"plain","optional":true},"default":{"type":"string","description_kind":"plain","optional":true},"delete":{"type":"string","description_kind":"plain","optional":true},"update":{"type":"string","description_kind":"plain","optional":true}},"description_kind":"plain"}}},"description_kind":"plain"}},"ionoscloud_networkloadbalancer_forwardingrule":{"version":0,"block":{"attributes":{"algorithm":{"type":"string","description":"Algorithm for the balancing.","description_kind":"plain","required":true},"datacenter_id":{"type":"string","description_kind":"plain","required":true},"id":{"type":"string","description_kind":"plain","optional":true,"computed":true},"listener_ip":{"type":"string","description":"Listening IP. (inbound)","description_kind":"plain","required":true},"listener_port":{"type":"number","description":"Listening port number. (inbound) (range: 1 to 65535)","description_kind":"plain","required":true},"name":{"type":"string","description":"A name of that Network Load Balancer forwarding rule","description_kind":"plain","required":true},"networkloadbalancer_id":{"type":"string","description_kind":"plain","required":true},"protocol":{"type":"string","description":"Protocol of the balancing.","description_kind":"plain","required":true}},"block_types":{"health_check":{"nesting_mode":"list","block":{"attributes":{"client_timeout":{"type":"number","description":"ClientTimeout is expressed in milliseconds. This inactivity timeout applies when the client is expected to acknowledge or send data. If unset the default of 50 seconds will be used.","description_kind":"plain","optional":true,"computed":true},"connect_timeout":{"type":"number","description":"It specifies the maximum time (in milliseconds) to wait for a connection attempt to a target VM to succeed. If unset, the default of 5 seconds will be used.","description_kind":"plain","optional":true,"computed":true},"retries":{"type":"number","description":"Retries specifies the number of retries to perform on a target VM after a connection failure. If unset, the default value of 3 will be used.","description_kind":"plain","optional":true,"computed":true},"target_timeout":{"type":"number","description":"TargetTimeout specifies the maximum inactivity time (in milliseconds) on the target VM side. If unset, the default of 50 seconds will be used.","description_kind":"plain","optional":true,"computed":true}},"description":"Health check attributes for Network Load Balancer forwarding rule","description_kind":"plain"},"max_items":1},"targets":{"nesting_mode":"list","block":{"attributes":{"ip":{"type":"string","description":"IP of a balanced target VM","description_kind":"plain","required":true},"port":{"type":"number","description":"Port of the balanced target service. (range: 1 to 65535)","description_kind":"plain","required":true},"weight":{"type":"number","description":"Weight parameter is used to adjust the target VM's weight relative to other target VMs","description_kind":"plain","required":true}},"block_types":{"health_check":{"nesting_mode":"list","block":{"attributes":{"check":{"type":"bool","description":"Check specifies whether the target VM's health is checked.","description_kind":"plain","optional":true,"computed":true},"check_interval":{"type":"number","description":"CheckInterval determines the duration (in milliseconds) between consecutive health checks. If unspecified a default of 2000 ms is used.","description_kind":"plain","optional":true,"computed":true},"maintenance":{"type":"bool","description":"Maintenance specifies if a target VM should be marked as down, even if it is not.","description_kind":"plain","optional":true,"computed":true}},"description":"Health check attributes for Network Load Balancer forwarding rule target","description_kind":"plain"},"max_items":1}},"description":"Array of items in that collection","description_kind":"plain"},"min_items":1},"timeouts":{"nesting_mode":"single","block":{"attributes":{"create":{"type":"string","description_kind":"plain","optional":true},"default":{"type":"string","description_kind":"plain","optional":true},"delete":{"type":"string","description_kind":"plain","optional":true},"update":{"type":"string","description_kind":"plain","optional":true}},"description_kind":"plain"}}},"description_kind":"plain"}},"ionoscloud_nic":{"version":0,"block":{"attributes":{"datacenter_id":{"type":"string","description_kind":"plain","required":true},"device_number":{"type":"number","description_kind":"plain","computed":true},"dhcp":{"type":"bool","description_kind":"plain","optional":true},"firewall_active":{"type":"bool","description_kind":"plain","optional":true},"firewall_type":{"type":"string","description_kind":"plain","optional":true,"computed":true},"id":{"type":"string","description_kind":"plain","optional":true,"computed":true},"ips":{"type":["list","string"],"description_kind":"plain","optional":true,"computed":true},"lan":{"type":"number","description_kind":"plain","required":true},"mac":{"type":"string","description_kind":"plain","computed":true},"name":{"type":"string","description_kind":"plain","optional":true},"pci_slot":{"type":"number","description_kind":"plain","computed":true},"server_id":{"type":"string","description_kind":"plain","required":true}},"block_types":{"timeouts":{"nesting_mode":"single","block":{"attributes":{"create":{"type":"string","description_kind":"plain","optional":true},"default":{"type":"string","description_kind":"plain","optional":true},"delete":{"type":"string","description_kind":"plain","optional":true},"update":{"type":"string","description_kind":"plain","optional":true}},"description_kind":"plain"}}},"description_kind":"plain"}},"ionoscloud_private_crossconnect":{"version":0,"block":{"attributes":{"connectable_datacenters":{"type":["list",["object",{"id":"string","location":"string","name":"string"}]],"description":"A list containing all the connectable datacenters","description_kind":"plain","computed":true},"description":{"type":"string","description":"The desired description for the private cross-connect","description_kind":"plain","optional":true},"id":{"type":"string","description_kind":"plain","optional":true,"computed":true},"name":{"type":"string","description":"The desired name for the private cross-connect","description_kind":"plain","required":true},"peers":{"type":["list",["object",{"datacenter_id":"string","datacenter_name":"string","lan_id":"string","lan_name":"string","location":"string"}]],"description":"A list containing the details of all datacenter cross-connected through this private cross-connect","description_kind":"plain","computed":true}},"block_types":{"timeouts":{"nesting_mode":"single","block":{"attributes":{"create":{"type":"string","description_kind":"plain","optional":true},"default":{"type":"string","description_kind":"plain","optional":true},"delete":{"type":"string","description_kind":"plain","optional":true},"update":{"type":"string","description_kind":"plain","optional":true}},"description_kind":"plain"}}},"description_kind":"plain"}},"ionoscloud_s3_key":{"version":0,"block":{"attributes":{"active":{"type":"bool","description":"Whether this key should be active or not.","description_kind":"plain","optional":true},"id":{"type":"string","description_kind":"plain","optional":true,"computed":true},"secret_key":{"type":"string","description":"The S3 Secret key.","description_kind":"plain","computed":true},"user_id":{"type":"string","description":"The ID of the user that owns the key.","description_kind":"plain","required":true}},"block_types":{"timeouts":{"nesting_mode":"single","block":{"attributes":{"create":{"type":"string","description_kind":"plain","optional":true},"default":{"type":"string","description_kind":"plain","optional":true},"delete":{"type":"string","description_kind":"plain","optional":true},"update":{"type":"string","description_kind":"plain","optional":true}},"description_kind":"plain"}}},"description_kind":"plain"}},"ionoscloud_server":{"version":0,"block":{"attributes":{"availability_zone":{"type":"string","description_kind":"plain","optional":true},"boot_cdrom":{"type":"string","description_kind":"plain","optional":true},"boot_image":{"type":"string","description_kind":"plain","optional":true,"computed":true},"boot_volume":{"type":"string","description_kind":"plain","computed":true},"cores":{"type":"number","description_kind":"plain","required":true},"cpu_family":{"type":"string","description_kind":"plain","optional":true,"computed":true},"datacenter_id":{"type":"string","description_kind":"plain","required":true},"firewallrule_id":{"type":"string","description_kind":"plain","computed":true},"id":{"type":"string","description_kind":"plain","optional":true,"computed":true},"image_name":{"type":"string","description_kind":"plain","optional":true,"computed":true},"image_password":{"type":"string","description_kind":"plain","optional":true,"computed":true,"sensitive":true},"name":{"type":"string","description_kind":"plain","required":true},"primary_ip":{"type":"string","description_kind":"plain","computed":true},"primary_nic":{"type":"string","description_kind":"plain","computed":true},"ram":{"type":"number","description_kind":"plain","required":true},"ssh_key_path":{"type":["list","string"],"description_kind":"plain","optional":true},"template_uuid":{"type":"string","description_kind":"plain","optional":true},"type":{"type":"string","description_kind":"plain","optional":true,"computed":true}},"block_types":{"nic":{"nesting_mode":"list","block":{"attributes":{"device_number":{"type":"number","description_kind":"plain","computed":true},"dhcp":{"type":"bool","description_kind":"plain","optional":true},"firewall_active":{"type":"bool","description_kind":"plain","optional":true},"firewall_type":{"type":"string","description_kind":"plain","optional":true,"computed":true},"ips":{"type":["list","string"],"description_kind":"plain","optional":true,"computed":true},"lan":{"type":"number","description_kind":"plain","required":true},"mac":{"type":"string","description_kind":"plain","computed":true},"name":{"type":"string","description_kind":"plain","optional":true},"pci_slot":{"type":"number","description_kind":"plain","computed":true}},"block_types":{"firewall":{"nesting_mode":"list","block":{"attributes":{"icmp_code":{"type":"string","description_kind":"plain","optional":true},"icmp_type":{"type":"string","description_kind":"plain","optional":true},"name":{"type":"string","description_kind":"plain","optional":true},"port_range_end":{"type":"number","description_kind":"plain","optional":true},"port_range_start":{"type":"number","description_kind":"plain","optional":true},"protocol":{"type":"string","description_kind":"plain","required":true},"source_ip":{"type":"string","description_kind":"plain","optional":true},"source_mac":{"type":"string","description_kind":"plain","optional":true},"target_ip":{"type":"string","description_kind":"plain","optional":true},"type":{"type":"string","description_kind":"plain","optional":true,"computed":true}},"description_kind":"plain"},"max_items":1}},"description_kind":"plain"},"min_items":1,"max_items":1},"timeouts":{"nesting_mode":"single","block":{"attributes":{"create":{"type":"string","description_kind":"plain","optional":true},"default":{"type":"string","description_kind":"plain","optional":true},"delete":{"type":"string","description_kind":"plain","optional":true},"update":{"type":"string","description_kind":"plain","optional":true}},"description_kind":"plain"}},"volume":{"nesting_mode":"list","block":{"attributes":{"availability_zone":{"type":"string","description_kind":"plain","optional":true,"computed":true},"backup_unit_id":{"type":"string","description_kind":"plain","computed":true},"bus":{"type":"string","description_kind":"plain","optional":true,"computed":true},"cpu_hot_plug":{"type":"bool","description_kind":"plain","optional":true,"computed":true},"device_number":{"type":"number","description_kind":"plain","computed":true},"disc_virtio_hot_plug":{"type":"bool","description_kind":"plain","optional":true,"computed":true},"disc_virtio_hot_unplug":{"type":"bool","description_kind":"plain","optional":true,"computed":true},"disk_type":{"type":"string","description_kind":"plain","required":true},"image_name":{"type":"string","description_kind":"plain","deprecated":true,"optional":true},"image_password":{"type":"string","description_kind":"plain","deprecated":true,"optional":true},"licence_type":{"type":"string","description_kind":"plain","optional":true,"computed":true},"name":{"type":"string","description_kind":"plain","optional":true},"nic_hot_plug":{"type":"bool","description_kind":"plain","optional":true,"computed":true},"nic_hot_unplug":{"type":"bool","description_kind":"plain","optional":true,"computed":true},"pci_slot":{"type":"number","description_kind":"plain","computed":true},"ram_hot_plug":{"type":"bool","description_kind":"plain","optional":true,"computed":true},"size":{"type":"number","description_kind":"plain","required":true},"ssh_key_path":{"type":["list","string"],"description_kind":"plain","deprecated":true,"optional":true},"user_data":{"type":"string","description_kind":"plain","optional":true}},"description_kind":"plain"},"min_items":1,"max_items":1}},"description_kind":"plain"}},"ionoscloud_share":{"version":0,"block":{"attributes":{"edit_privilege":{"type":"bool","description_kind":"plain","optional":true},"group_id":{"type":"string","description_kind":"plain","required":true},"id":{"type":"string","description_kind":"plain","optional":true,"computed":true},"resource_id":{"type":"string","description_kind":"plain","required":true},"share_privilege":{"type":"bool","description_kind":"plain","optional":true}},"block_types":{"timeouts":{"nesting_mode":"single","block":{"attributes":{"create":{"type":"string","description_kind":"plain","optional":true},"default":{"type":"string","description_kind":"plain","optional":true},"delete":{"type":"string","description_kind":"plain","optional":true},"update":{"type":"string","description_kind":"plain","optional":true}},"description_kind":"plain"}}},"description_kind":"plain"}},"ionoscloud_snapshot":{"version":0,"block":{"attributes":{"datacenter_id":{"type":"string","description_kind":"plain","required":true},"id":{"type":"string","description_kind":"plain","optional":true,"computed":true},"name":{"type":"string","description_kind":"plain","required":true},"volume_id":{"type":"string","description_kind":"plain","required":true}},"block_types":{"timeouts":{"nesting_mode":"single","block":{"attributes":{"create":{"type":"string","description_kind":"plain","optional":true},"default":{"type":"string","description_kind":"plain","optional":true},"delete":{"type":"string","description_kind":"plain","optional":true},"update":{"type":"string","description_kind":"plain","optional":true}},"description_kind":"plain"}}},"description_kind":"plain"}},"ionoscloud_user":{"version":0,"block":{"attributes":{"active":{"type":"bool","description_kind":"plain","optional":true},"administrator":{"type":"bool","description_kind":"plain","required":true},"email":{"type":"string","description_kind":"plain","required":true},"first_name":{"type":"string","description_kind":"plain","required":true},"force_sec_auth":{"type":"bool","description_kind":"plain","required":true},"id":{"type":"string","description_kind":"plain","optional":true,"computed":true},"last_name":{"type":"string","description_kind":"plain","required":true},"password":{"type":"string","description_kind":"plain","required":true},"s3_canonical_user_id":{"type":"string","description_kind":"plain","computed":true},"sec_auth_active":{"type":"bool","description_kind":"plain","computed":true}},"block_types":{"timeouts":{"nesting_mode":"single","block":{"attributes":{"create":{"type":"string","description_kind":"plain","optional":true},"default":{"type":"string","description_kind":"plain","optional":true},"delete":{"type":"string","description_kind":"plain","optional":true},"update":{"type":"string","description_kind":"plain","optional":true}},"description_kind":"plain"}}},"description_kind":"plain"}},"ionoscloud_volume":{"version":0,"block":{"attributes":{"availability_zone":{"type":"string","description_kind":"plain","optional":true},"backup_unit_id":{"type":"string","description_kind":"plain","computed":true},"bus":{"type":"string","description_kind":"plain","optional":true,"computed":true},"cpu_hot_plug":{"type":"bool","description_kind":"plain","optional":true,"computed":true},"datacenter_id":{"type":"string","description_kind":"plain","required":true},"device_number":{"type":"number","description_kind":"plain","computed":true},"disc_virtio_hot_plug":{"type":"bool","description_kind":"plain","optional":true,"computed":true},"disc_virtio_hot_unplug":{"type":"bool","description_kind":"plain","optional":true,"computed":true},"disk_type":{"type":"string","description_kind":"plain","required":true},"id":{"type":"string","description_kind":"plain","optional":true,"computed":true},"image_name":{"type":"string","description_kind":"plain","optional":true},"image_password":{"type":"string","description_kind":"plain","optional":true},"licence_type":{"type":"string","description_kind":"plain","optional":true},"name":{"type":"string","description_kind":"plain","optional":true},"nic_hot_plug":{"type":"bool","description_kind":"plain","optional":true,"computed":true},"nic_hot_unplug":{"type":"bool","description_kind":"plain","optional":true,"computed":true},"pci_slot":{"type":"number","description_kind":"plain","computed":true},"ram_hot_plug":{"type":"bool","description_kind":"plain","optional":true,"computed":true},"server_id":{"type":"string","description_kind":"plain","required":true},"size":{"type":"number","description_kind":"plain","required":true},"ssh_key_path":{"type":["list","string"],"description_kind":"plain","optional":true},"sshkey":{"type":"string","description_kind":"plain","computed":true},"user_data":{"type":"string","description_kind":"plain","optional":true,"computed":true}},"block_types":{"timeouts":{"nesting_mode":"single","block":{"attributes":{"create":{"type":"string","description_kind":"plain","optional":true},"default":{"type":"string","description_kind":"plain","optional":true},"delete":{"type":"string","description_kind":"plain","optional":true},"update":{"type":"string","description_kind":"plain","optional":true}},"description_kind":"plain"}}},"description_kind":"plain"}}},"data_source_schemas":{"ionoscloud_datacenter":{"version":0,"block":{"attributes":{"cpu_architecture":{"type":["list",["object",{"cpu_family":"string","max_cores":"number","max_ram":"number","vendor":"string"}]],"description_kind":"plain","computed":true},"description":{"type":"string","description_kind":"plain","optional":true,"computed":true},"features":{"type":["list","string"],"description_kind":"plain","computed":true},"id":{"type":"string","description_kind":"plain","optional":true},"location":{"type":"string","description_kind":"plain","optional":true},"name":{"type":"string","description_kind":"plain","optional":true},"sec_auth_protection":{"type":"bool","description_kind":"plain","computed":true},"version":{"type":"number","description_kind":"plain","computed":true}},"block_types":{"timeouts":{"nesting_mode":"single","block":{"attributes":{"create":{"type":"string","description_kind":"plain","optional":true},"default":{"type":"string","description_kind":"plain","optional":true},"delete":{"type":"string","description_kind":"plain","optional":true},"update":{"type":"string","description_kind":"plain","optional":true}},"description_kind":"plain"}}},"description_kind":"plain"}},"ionoscloud_image":{"version":0,"block":{"attributes":{"cloud_init":{"type":"string","description_kind":"plain","optional":true,"computed":true},"cpu_hot_plug":{"type":"bool","description_kind":"plain","computed":true},"cpu_hot_unplug":{"type":"bool","description_kind":"plain","computed":true},"description":{"type":"string","description_kind":"plain","optional":true},"disc_scsi_hot_plug":{"type":"bool","description_kind":"plain","computed":true},"disc_scsi_hot_unplug":{"type":"bool","description_kind":"plain","computed":true},"disc_virtio_hot_plug":{"type":"bool","description_kind":"plain","computed":true},"disc_virtio_hot_unplug":{"type":"bool","description_kind":"plain","computed":true},"id":{"type":"string","description_kind":"plain","optional":true,"computed":true},"image_aliases":{"type":["list","string"],"description_kind":"plain","computed":true},"license_type":{"type":"string","description_kind":"plain","computed":true},"location":{"type":"string","description_kind":"plain","optional":true},"name":{"type":"string","description_kind":"plain","optional":true},"nic_hot_plug":{"type":"bool","description_kind":"plain","computed":true},"nic_hot_unplug":{"type":"bool","description_kind":"plain","computed":true},"public":{"type":"bool","description_kind":"plain","computed":true},"ram_hot_plug":{"type":"bool","description_kind":"plain","computed":true},"ram_hot_unplug":{"type":"bool","description_kind":"plain","computed":true},"size":{"type":"number","description_kind":"plain","computed":true},"type":{"type":"string","description_kind":"plain","optional":true},"version":{"type":"string","description_kind":"plain","optional":true}},"block_types":{"timeouts":{"nesting_mode":"single","block":{"attributes":{"create":{"type":"string","description_kind":"plain","optional":true},"default":{"type":"string","description_kind":"plain","optional":true},"delete":{"type":"string","description_kind":"plain","optional":true},"update":{"type":"string","description_kind":"plain","optional":true}},"description_kind":"plain"}}},"description_kind":"plain"}},"ionoscloud_k8s_cluster":{"version":0,"block":{"attributes":{"api_subnet_allow_list":{"type":["list","string"],"description":"Access to the K8s API server is restricted to these CIDRs. Cluster-internal traffic is not affected by this restriction. If no allowlist is specified, access is not restricted. If an IP without subnet mask is provided, the default value will be used: 32 for IPv4 and 128 for IPv6.","description_kind":"plain","computed":true},"available_upgrade_versions":{"type":["list","string"],"description":"A list of available versions for upgrading the cluster","description_kind":"plain","computed":true},"ca_crt":{"type":"string","description_kind":"plain","computed":true,"sensitive":true},"config":{"type":["list",["object",{"api_version":"string","clusters":["list",["object",{"cluster":["map","string"],"name":"string"}]],"contexts":["list",["object",{"context":["map","string"],"name":"string"}]],"current_context":"string","kind":"string","users":["list",["object",{"name":"string","user":["map","string"]}]]}]],"description_kind":"plain","computed":true,"sensitive":true},"gateway_ip":{"type":"string","description":"The IP address of the gateway used by the cluster. This is mandatory when `public` is set to `false` and should not be provided otherwise.","description_kind":"plain","optional":true,"computed":true},"id":{"type":"string","description_kind":"plain","optional":true},"k8s_version":{"type":"string","description_kind":"plain","computed":true},"kube_config":{"type":"string","description_kind":"plain","computed":true},"maintenance_window":{"type":["list",["object",{"day_of_the_week":"string","time":"string"}]],"description":"A maintenance window comprise of a day of the week and a time for maintenance to be allowed","description_kind":"plain","computed":true},"name":{"type":"string","description_kind":"plain","optional":true},"node_pools":{"type":["list","string"],"description_kind":"plain","computed":true},"public":{"type":"bool","description":"The indicator if the cluster is public or private. Be aware that setting it to false is currently in beta phase.","description_kind":"plain","optional":true,"computed":true},"s3_buckets":{"type":["list",["object",{"name":"string"}]],"description":"List of S3 bucket configured for K8s usage. For now it contains only an S3 bucket used to store K8s API audit logs.","description_kind":"plain","computed":true},"server":{"type":"string","description_kind":"plain","computed":true,"sensitive":true},"state":{"type":"string","description_kind":"plain","computed":true},"user_tokens":{"type":["map","string"],"description_kind":"plain","computed":true,"sensitive":true},"viable_node_pool_versions":{"type":["list","string"],"description":"A list of versions that may be used for node pools under this cluster","description_kind":"plain","computed":true}},"block_types":{"timeouts":{"nesting_mode":"single","block":{"attributes":{"create":{"type":"string","description_kind":"plain","optional":true},"default":{"type":"string","description_kind":"plain","optional":true},"delete":{"type":"string","description_kind":"plain","optional":true},"update":{"type":"string","description_kind":"plain","optional":true}},"description_kind":"plain"}}},"description_kind":"plain"}},"ionoscloud_k8s_node_pool":{"version":0,"block":{"attributes":{"annotations":{"type":["map","string"],"description_kind":"plain","computed":true},"auto_scaling":{"type":["list",["object",{"max_node_count":"number","min_node_count":"number"}]],"description":"The range defining the minimum and maximum number of worker nodes that the managed node group can scale in","description_kind":"plain","computed":true},"availability_zone":{"type":"string","description":"The compute availability zone in which the nodes should exist","description_kind":"plain","computed":true},"available_upgrade_versions":{"type":["list","string"],"description":"A list of kubernetes versions available for upgrade","description_kind":"plain","computed":true},"cores_count":{"type":"number","description":"CPU cores count","description_kind":"plain","computed":true},"cpu_family":{"type":"string","description":"CPU Family","description_kind":"plain","computed":true},"datacenter_id":{"type":"string","description":"The UUID of the VDC","description_kind":"plain","computed":true},"id":{"type":"string","description_kind":"plain","optional":true},"k8s_cluster_id":{"type":"string","description":"The UUID of an existing kubernetes cluster","description_kind":"plain","required":true},"k8s_version":{"type":"string","description":"The kubernetes version","description_kind":"plain","computed":true},"labels":{"type":["map","string"],"description_kind":"plain","computed":true},"lans":{"type":["list",["object",{"dhcp":"bool","id":"number","routes":["list",["object",{"gateway_ip":"string","network":"string"}]]}]],"description":"A list of Local Area Networks the node pool should be part of","description_kind":"plain","computed":true},"maintenance_window":{"type":["list",["object",{"day_of_the_week":"string","time":"string"}]],"description":"A maintenance window comprise of a day of the week and a time for maintenance to be allowed","description_kind":"plain","computed":true},"name":{"type":"string","description":"The desired name for the node pool","description_kind":"plain","optional":true},"node_count":{"type":"number","description":"The number of nodes in this node pool","description_kind":"plain","computed":true},"public_ips":{"type":["list","string"],"description":"A list of fixed IPs","description_kind":"plain","computed":true},"ram_size":{"type":"number","description":"The amount of RAM in MB","description_kind":"plain","computed":true},"state":{"type":"string","description_kind":"plain","computed":true},"storage_size":{"type":"number","description_kind":"plain","computed":true},"storage_type":{"type":"string","description":"Storage type to use","description_kind":"plain","computed":true}},"block_types":{"timeouts":{"nesting_mode":"single","block":{"attributes":{"create":{"type":"string","description_kind":"plain","optional":true},"default":{"type":"string","description_kind":"plain","optional":true},"delete":{"type":"string","description_kind":"plain","optional":true},"update":{"type":"string","description_kind":"plain","optional":true}},"description_kind":"plain"}}},"description_kind":"plain"}},"ionoscloud_lan":{"version":0,"block":{"attributes":{"datacenter_id":{"type":"string","description_kind":"plain","required":true},"id":{"type":"string","description_kind":"plain","optional":true},"ip_failover":{"type":["list",["object",{"ip":"string","nic_uuid":"string"}]],"description_kind":"plain","computed":true},"name":{"type":"string","description_kind":"plain","optional":true},"pcc":{"type":"string","description_kind":"plain","computed":true},"public":{"type":"bool","description_kind":"plain","computed":true}},"block_types":{"timeouts":{"nesting_mode":"single","block":{"attributes":{"create":{"type":"string","description_kind":"plain","optional":true},"default":{"type":"string","description_kind":"plain","optional":true},"delete":{"type":"string","description_kind":"plain","optional":true},"update":{"type":"string","description_kind":"plain","optional":true}},"description_kind":"plain"}}},"description_kind":"plain"}},"ionoscloud_location":{"version":0,"block":{"attributes":{"cpu_architecture":{"type":["list",["object",{"cpu_family":"string","max_cores":"number","max_ram":"number","vendor":"string"}]],"description_kind":"plain","computed":true},"feature":{"type":"string","description_kind":"plain","optional":true},"id":{"type":"string","description_kind":"plain","optional":true,"computed":true},"image_aliases":{"type":["list","string"],"description_kind":"plain","computed":true},"name":{"type":"string","description_kind":"plain","optional":true}},"block_types":{"timeouts":{"nesting_mode":"single","block":{"attributes":{"create":{"type":"string","description_kind":"plain","optional":true},"default":{"type":"string","description_kind":"plain","optional":true},"delete":{"type":"string","description_kind":"plain","optional":true},"update":{"type":"string","description_kind":"plain","optional":true}},"description_kind":"plain"}}},"description_kind":"plain"}},"ionoscloud_natgateway":{"version":0,"block":{"attributes":{"datacenter_id":{"type":"string","description_kind":"plain","required":true},"id":{"type":"string","description_kind":"plain","optional":true},"lans":{"type":["list",["object",{"gateway_ips":["list","string"],"id":"number"}]],"description":"A list of Local Area Networks the node pool should be part of","description_kind":"plain","computed":true},"name":{"type":"string","description_kind":"plain","optional":true},"public_ips":{"type":["list","string"],"description":"Collection of public IP addresses of the NAT gateway. Should be customer reserved IP addresses in that location","description_kind":"plain","computed":true}},"block_types":{"timeouts":{"nesting_mode":"single","block":{"attributes":{"create":{"type":"string","description_kind":"plain","optional":true},"default":{"type":"string","description_kind":"plain","optional":true},"delete":{"type":"string","description_kind":"plain","optional":true},"update":{"type":"string","description_kind":"plain","optional":true}},"description_kind":"plain"}}},"description_kind":"plain"}},"ionoscloud_natgateway_rule":{"version":0,"block":{"attributes":{"datacenter_id":{"type":"string","description_kind":"plain","required":true},"id":{"type":"string","description_kind":"plain","optional":true},"name":{"type":"string","description_kind":"plain","optional":true},"natgateway_id":{"type":"string","description_kind":"plain","required":true},"protocol":{"type":"string","description":"Protocol of the NAT gateway rule. Defaults to ALL. If protocol is 'ICMP' then targetPortRange start and end cannot be set.","description_kind":"plain","computed":true},"public_ip":{"type":"string","description":"Public IP address of the NAT gateway rule. Specifies the address used for masking outgoing packets source address field. Should be one of the customer reserved IP address already configured on the NAT gateway resource","description_kind":"plain","computed":true},"source_subnet":{"type":"string","description":"Source subnet of the NAT gateway rule. For SNAT rules it specifies which packets this translation rule applies to based on the packets source IP address.","description_kind":"plain","computed":true},"target_port_range":{"type":["list",["object",{"end":"number","start":"number"}]],"description":"Target port range of the NAT gateway rule. For SNAT rules it specifies which packets this translation rule applies to based on destination port. If none is provided, rule will match any port","description_kind":"plain","computed":true},"target_subnet":{"type":"string","description":"Target or destination subnet of the NAT gateway rule. For SNAT rules it specifies which packets this translation rule applies to based on the packets destination IP address. If none is provided, rule will match any address.","description_kind":"plain","computed":true},"type":{"type":"string","description":"Type of the NAT gateway rule.","description_kind":"plain","computed":true}},"block_types":{"timeouts":{"nesting_mode":"single","block":{"attributes":{"create":{"type":"string","description_kind":"plain","optional":true},"default":{"type":"string","description_kind":"plain","optional":true},"delete":{"type":"string","description_kind":"plain","optional":true},"update":{"type":"string","description_kind":"plain","optional":true}},"description_kind":"plain"}}},"description_kind":"plain"}},"ionoscloud_networkloadbalancer":{"version":0,"block":{"attributes":{"datacenter_id":{"type":"string","description_kind":"plain","required":true},"id":{"type":"string","description_kind":"plain","optional":true},"ips":{"type":["list","string"],"description":"Collection of IP addresses of the Network Load Balancer. (inbound and outbound) IP of the listenerLan must be a customer reserved IP for the public load balancer and private IP for the private load balancer.","description_kind":"plain","computed":true},"lb_private_ips":{"type":["list","string"],"description":"Collection of private IP addresses with subnet mask of the Network Load Balancer. IPs must contain valid subnet mask. If user will not provide any IP then the system will generate one IP with /24 subnet.","description_kind":"plain","computed":true},"listener_lan":{"type":"number","description":"Id of the listening LAN. (inbound)","description_kind":"plain","computed":true},"name":{"type":"string","description_kind":"plain","optional":true},"target_lan":{"type":"number","description":"Id of the balanced private target LAN. (outbound)","description_kind":"plain","computed":true}},"block_types":{"timeouts":{"nesting_mode":"single","block":{"attributes":{"create":{"type":"string","description_kind":"plain","optional":true},"default":{"type":"string","description_kind":"plain","optional":true},"delete":{"type":"string","description_kind":"plain","optional":true},"update":{"type":"string","description_kind":"plain","optional":true}},"description_kind":"plain"}}},"description_kind":"plain"}},"ionoscloud_networkloadbalancer_forwardingrule":{"version":0,"block":{"attributes":{"algorithm":{"type":"string","description":"Algorithm for the balancing.","description_kind":"plain","computed":true},"datacenter_id":{"type":"string","description_kind":"plain","required":true},"health_check":{"type":["list",["object",{"client_timeout":"number","connect_timeout":"number","retries":"number","target_timeout":"number"}]],"description":"Health check attributes for Network Load Balancer forwarding rule","description_kind":"plain","computed":true},"id":{"type":"string","description_kind":"plain","optional":true},"listener_ip":{"type":"string","description":"Listening IP. (inbound)","description_kind":"plain","computed":true},"listener_port":{"type":"number","description":"Listening port number. (inbound) (range: 1 to 65535)","description_kind":"plain","computed":true},"name":{"type":"string","description_kind":"plain","optional":true},"networkloadbalancer_id":{"type":"string","description_kind":"plain","required":true},"protocol":{"type":"string","description":"Protocol of the balancing.","description_kind":"plain","computed":true},"targets":{"type":["list",["object",{"health_check":["list",["object",{"check":"bool","check_interval":"number","maintenance":"bool"}]],"ip":"string","port":"number","weight":"number"}]],"description":"Array of items in that collection","description_kind":"plain","computed":true}},"block_types":{"timeouts":{"nesting_mode":"single","block":{"attributes":{"create":{"type":"string","description_kind":"plain","optional":true},"default":{"type":"string","description_kind":"plain","optional":true},"delete":{"type":"string","description_kind":"plain","optional":true},"update":{"type":"string","description_kind":"plain","optional":true}},"description_kind":"plain"}}},"description_kind":"plain"}},"ionoscloud_private_crossconnect":{"version":0,"block":{"attributes":{"connectable_datacenters":{"type":["list",["object",{"id":"string","location":"string","name":"string"}]],"description_kind":"plain","computed":true},"description":{"type":"string","description_kind":"plain","optional":true},"id":{"type":"string","description_kind":"plain","optional":true},"name":{"type":"string","description_kind":"plain","optional":true},"peers":{"type":["list",["object",{"datacenter_id":"string","datacenter_name":"string","lan_id":"string","lan_name":"string","location":"string"}]],"description_kind":"plain","computed":true}},"block_types":{"timeouts":{"nesting_mode":"single","block":{"attributes":{"create":{"type":"string","description_kind":"plain","optional":true},"default":{"type":"string","description_kind":"plain","optional":true},"delete":{"type":"string","description_kind":"plain","optional":true},"update":{"type":"string","description_kind":"plain","optional":true}},"description_kind":"plain"}}},"description_kind":"plain"}},"ionoscloud_resource":{"version":0,"block":{"attributes":{"id":{"type":"string","description_kind":"plain","optional":true,"computed":true},"resource_id":{"type":"string","description_kind":"plain","optional":true},"resource_type":{"type":"string","description_kind":"plain","optional":true}},"block_types":{"timeouts":{"nesting_mode":"single","block":{"attributes":{"create":{"type":"string","description_kind":"plain","optional":true},"default":{"type":"string","description_kind":"plain","optional":true},"delete":{"type":"string","description_kind":"plain","optional":true},"update":{"type":"string","description_kind":"plain","optional":true}},"description_kind":"plain"}}},"description_kind":"plain"}},"ionoscloud_server":{"version":0,"block":{"attributes":{"availability_zone":{"type":"string","description_kind":"plain","computed":true},"boot_cdrom":{"type":"string","description_kind":"plain","computed":true},"boot_volume":{"type":"string","description_kind":"plain","computed":true},"cdroms":{"type":["list",["object",{"cloud_init":"string","cpu_hot_plug":"bool","cpu_hot_unplug":"bool","description":"string","disc_scsi_hot_plug":"bool","disc_scsi_hot_unplug":"bool","disc_virtio_hot_plug":"bool","disc_virtio_hot_unplug":"bool","id":"string","image_aliases":["list","string"],"image_type":"string","licence_type":"string","location":"string","name":"string","nic_hot_plug":"bool","nic_hot_unplug":"bool","public":"bool","ram_hot_plug":"bool","ram_hot_unplug":"bool","size":"number"}]],"description_kind":"plain","computed":true},"cores":{"type":"number","description_kind":"plain","computed":true},"cpu_family":{"type":"string","description_kind":"plain","computed":true},"datacenter_id":{"type":"string","description_kind":"plain","required":true},"id":{"type":"string","description_kind":"plain","optional":true},"name":{"type":"string","description_kind":"plain","optional":true},"nics":{"type":["list",["object",{"device_number":"number","dhcp":"bool","firewall_active":"bool","firewall_rules":["list",["object",{"icmp_code":"number","icmp_type":"number","id":"string","name":"string","port_range_end":"number","port_range_start":"number","protocol":"string","source_ip":"string","source_mac":"string","target_ip":"string","type":"string"}]],"firewall_type":"string","id":"string","ips":["list","string"],"lan":"number","mac":"string","name":"string","pci_slot":"number"}]],"description_kind":"plain","computed":true},"ram":{"type":"number","description_kind":"plain","computed":true},"template_uuid":{"type":"string","description_kind":"plain","optional":true},"token":{"type":"string","description_kind":"plain","computed":true},"type":{"type":"string","description_kind":"plain","optional":true,"computed":true},"vm_state":{"type":"string","description_kind":"plain","computed":true},"volumes":{"type":["list",["object",{"availability_zone":"string","backup_unit_id":"string","bus":"string","cpu_hot_plug":"bool","device_number":"number","disc_virtio_hot_plug":"bool","disc_virtio_hot_unplug":"bool","id":"string","image_name":"string","image_password":"string","licence_type":"string","name":"string","nic_hot_plug":"bool","nic_hot_unplug":"bool","pci_slot":"number","ram_hot_plug":"bool","size":"number","ssh_keys":["list","string"],"type":"string","user_data":"string"}]],"description_kind":"plain","computed":true}},"block_types":{"timeouts":{"nesting_mode":"single","block":{"attributes":{"create":{"type":"string","description_kind":"plain","optional":true},"default":{"type":"string","description_kind":"plain","optional":true},"delete":{"type":"string","description_kind":"plain","optional":true},"update":{"type":"string","description_kind":"plain","optional":true}},"description_kind":"plain"}}},"description_kind":"plain"}},"ionoscloud_snapshot":{"version":0,"block":{"attributes":{"id":{"type":"string","description_kind":"plain","optional":true,"computed":true},"location":{"type":"string","description_kind":"plain","optional":true},"name":{"type":"string","description_kind":"plain","required":true},"size":{"type":"number","description_kind":"plain","optional":true}},"block_types":{"timeouts":{"nesting_mode":"single","block":{"attributes":{"create":{"type":"string","description_kind":"plain","optional":true},"default":{"type":"string","description_kind":"plain","optional":true},"delete":{"type":"string","description_kind":"plain","optional":true},"update":{"type":"string","description_kind":"plain","optional":true}},"description_kind":"plain"}}},"description_kind":"plain"}},"ionoscloud_template":{"version":0,"block":{"attributes":{"cores":{"type":"number","description_kind":"plain","required":true},"id":{"type":"string","description_kind":"plain","optional":true},"name":{"type":"string","description_kind":"plain","required":true},"ram":{"type":"number","description_kind":"plain","required":true},"storage_size":{"type":"number","description_kind":"plain","required":true}},"block_types":{"timeouts":{"nesting_mode":"single","block":{"attributes":{"create":{"type":"string","description_kind":"plain","optional":true},"default":{"type":"string","description_kind":"plain","optional":true},"delete":{"type":"string","description_kind":"plain","optional":true},"update":{"type":"string","description_kind":"plain","optional":true}},"description_kind":"plain"}}},"description_kind":"plain"}}}}}}
