{"format_version":"0.2","provider_schemas":{"registry.terraform.io/ionos-cloud/profitbricks":{"provider":{"version":0,"block":{"attributes":{"endpoint":{"type":"string","description":"ProfitBricks REST API URL.","description_kind":"plain","optional":true},"password":{"type":"string","description":"ProfitBricks password for API operations. If token is provided, token is preferred","description_kind":"plain","optional":true},"retries":{"type":"number","description_kind":"plain","deprecated":true,"optional":true},"token":{"type":"string","description":"ProfitBricks bearer token for API operations.","description_kind":"plain","optional":true},"username":{"type":"string","description":"ProfitBricks username for API operations. If token is provided, token is preferred","description_kind":"plain","optional":true}},"description_kind":"plain"}},"resource_schemas":{"profitbricks_backup_unit":{"version":0,"block":{"attributes":{"email":{"type":"string","description":"The e-mail address you want assigned to the backup unit.","description_kind":"plain","required":true},"id":{"type":"string","description_kind":"plain","optional":true,"computed":true},"login":{"type":"string","description":"The login associated with the backup unit. Derived from the contract number","description_kind":"plain","computed":true},"name":{"type":"string","description":"Alphanumeric name you want assigned to the backup unit.","description_kind":"plain","required":true},"password":{"type":"string","description":"The password you want assigned to the backup unit.","description_kind":"plain","required":true,"sensitive":true}},"block_types":{"timeouts":{"nesting_mode":"single","block":{"attributes":{"create":{"type":"string","description_kind":"plain","optional":true},"default":{"type":"string","description_kind":"plain","optional":true},"delete":{"type":"string","description_kind":"plain","optional":true},"update":{"type":"string","description_kind":"plain","optional":true}},"description_kind":"plain"}}},"description_kind":"plain"}},"profitbricks_datacenter":{"version":0,"block":{"attributes":{"description":{"type":"string","description_kind":"plain","optional":true,"computed":true},"id":{"type":"string","description_kind":"plain","optional":true,"computed":true},"location":{"type":"string","description_kind":"plain","required":true},"name":{"type":"string","description_kind":"plain","required":true}},"block_types":{"timeouts":{"nesting_mode":"single","block":{"attributes":{"create":{"type":"string","description_kind":"plain","optional":true},"default":{"type":"string","description_kind":"plain","optional":true},"delete":{"type":"string","description_kind":"plain","optional":true},"update":{"type":"string","description_kind":"plain","optional":true}},"description_kind":"plain"}}},"description_kind":"plain"}},"profitbricks_firewall":{"version":0,"block":{"attributes":{"datacenter_id":{"type":"string","description_kind":"plain","required":true},"icmp_code":{"type":"string","description_kind":"plain","optional":true},"icmp_type":{"type":"string","description_kind":"plain","optional":true},"id":{"type":"string","description_kind":"plain","optional":true,"computed":true},"name":{"type":"string","description_kind":"plain","optional":true},"nic_id":{"type":"string","description_kind":"plain","required":true},"port_range_end":{"type":"number","description_kind":"plain","optional":true},"port_range_start":{"type":"number","description_kind":"plain","optional":true},"protocol":{"type":"string","description_kind":"plain","required":true},"server_id":{"type":"string","description_kind":"plain","required":true},"source_ip":{"type":"string","description_kind":"plain","optional":true},"source_mac":{"type":"string","description_kind":"plain","optional":true},"target_ip":{"type":"string","description_kind":"plain","optional":true}},"block_types":{"timeouts":{"nesting_mode":"single","block":{"attributes":{"create":{"type":"string","description_kind":"plain","optional":true},"default":{"type":"string","description_kind":"plain","optional":true},"delete":{"type":"string","description_kind":"plain","optional":true},"update":{"type":"string","description_kind":"plain","optional":true}},"description_kind":"plain"}}},"description_kind":"plain"}},"profitbricks_group":{"version":0,"block":{"attributes":{"access_activity_log":{"type":"bool","description_kind":"plain","optional":true},"create_datacenter":{"type":"bool","description_kind":"plain","optional":true},"create_snapshot":{"type":"bool","description_kind":"plain","optional":true},"id":{"type":"string","description_kind":"plain","optional":true,"computed":true},"name":{"type":"string","description_kind":"plain","required":true},"reserve_ip":{"type":"bool","description_kind":"plain","optional":true},"user_id":{"type":"string","description_kind":"plain","optional":true},"users":{"type":["set",["object",{"administrator":"bool","email":"string","first_name":"string","force_sec_auth":"bool","last_name":"string","password":"string"}]],"description_kind":"plain","computed":true}},"block_types":{"timeouts":{"nesting_mode":"single","block":{"attributes":{"create":{"type":"string","description_kind":"plain","optional":true},"default":{"type":"string","description_kind":"plain","optional":true},"delete":{"type":"string","description_kind":"plain","optional":true},"update":{"type":"string","description_kind":"plain","optional":true}},"description_kind":"plain"}}},"description_kind":"plain"}},"profitbricks_ipblock":{"version":0,"block":{"attributes":{"id":{"type":"string","description_kind":"plain","optional":true,"computed":true},"ips":{"type":["list","string"],"description_kind":"plain","computed":true},"location":{"type":"string","description_kind":"plain","required":true},"name":{"type":"string","description_kind":"plain","optional":true},"size":{"type":"number","description_kind":"plain","required":true}},"block_types":{"timeouts":{"nesting_mode":"single","block":{"attributes":{"create":{"type":"string","description_kind":"plain","optional":true},"default":{"type":"string","description_kind":"plain","optional":true},"delete":{"type":"string","description_kind":"plain","optional":true},"update":{"type":"string","description_kind":"plain","optional":true}},"description_kind":"plain"}}},"description_kind":"plain"}},"profitbricks_ipfailover":{"version":0,"block":{"attributes":{"datacenter_id":{"type":"string","description_kind":"plain","required":true},"id":{"type":"string","description_kind":"plain","optional":true,"computed":true},"ip":{"type":"string","description_kind":"plain","required":true},"lan_id":{"type":"string","description_kind":"plain","required":true},"nicuuid":{"type":"string","description_kind":"plain","required":true}},"block_types":{"timeouts":{"nesting_mode":"single","block":{"attributes":{"create":{"type":"string","description_kind":"plain","optional":true},"default":{"type":"string","description_kind":"plain","optional":true},"delete":{"type":"string","description_kind":"plain","optional":true},"update":{"type":"string","description_kind":"plain","optional":true}},"description_kind":"plain"}}},"description_kind":"plain"}},"profitbricks_k8s_cluster":{"version":0,"block":{"attributes":{"id":{"type":"string","description_kind":"plain","optional":true,"computed":true},"k8s_version":{"type":"string","description":"The desired kubernetes version","description_kind":"plain","optional":true},"name":{"type":"string","description":"The desired name for the cluster","description_kind":"plain","required":true}},"block_types":{"maintenance_window":{"nesting_mode":"list","block":{"attributes":{"day_of_the_week":{"type":"string","description":"Day of the week when maintenance is allowed","description_kind":"plain","required":true},"time":{"type":"string","description":"A clock time in the day when maintenance is allowed","description_kind":"plain","required":true}},"description":"A maintenance window comprise of a day of the week and a time for maintenance to be allowed","description_kind":"plain"},"max_items":1},"timeouts":{"nesting_mode":"single","block":{"attributes":{"create":{"type":"string","description_kind":"plain","optional":true},"default":{"type":"string","description_kind":"plain","optional":true},"delete":{"type":"string","description_kind":"plain","optional":true},"update":{"type":"string","description_kind":"plain","optional":true}},"description_kind":"plain"}}},"description_kind":"plain"}},"profitbricks_k8s_node_pool":{"version":0,"block":{"attributes":{"availability_zone":{"type":"string","description":"The compute availability zone in which the nodes should exist","description_kind":"plain","required":true},"cores_count":{"type":"number","description":"CPU cores count","description_kind":"plain","required":true},"cpu_family":{"type":"string","description":"CPU Family","description_kind":"plain","required":true},"datacenter_id":{"type":"string","description":"The UUID of the VDC","description_kind":"plain","required":true},"id":{"type":"string","description_kind":"plain","optional":true,"computed":true},"k8s_cluster_id":{"type":"string","description":"The UUID of an existing kubernetes cluster","description_kind":"plain","required":true},"k8s_version":{"type":"string","description":"The desired kubernetes version","description_kind":"plain","required":true},"lans":{"type":["list","number"],"description":"A list of Local Area Networks the node pool should be part of","description_kind":"plain","optional":true},"name":{"type":"string","description":"The desired name for the node pool","description_kind":"plain","required":true},"node_count":{"type":"number","description":"The number of nodes in this node pool","description_kind":"plain","required":true},"public_ips":{"type":["list","string"],"description":"A list of fixed IPs","description_kind":"plain","optional":true},"ram_size":{"type":"number","description":"The amount of RAM in MB","description_kind":"plain","required":true},"storage_size":{"type":"number","description":"The total allocated storage capacity of a node in GB","description_kind":"plain","required":true},"storage_type":{"type":"string","description":"Storage type to use","description_kind":"plain","required":true}},"block_types":{"auto_scaling":{"nesting_mode":"list","block":{"attributes":{"max_node_count":{"type":"number","description":"The maximum number of worker nodes that the node pool can scale to. Should be greater than min_node_count","description_kind":"plain","required":true},"min_node_count":{"type":"number","description":"The minimum number of worker nodes the node pool can scale down to. Should be less than max_node_count","description_kind":"plain","required":true}},"description":"The range defining the minimum and maximum number of worker nodes that the managed node group can scale in","description_kind":"plain"},"max_items":1},"maintenance_window":{"nesting_mode":"list","block":{"attributes":{"day_of_the_week":{"type":"string","description":"Day of the week when maintenance is allowed","description_kind":"plain","required":true},"time":{"type":"string","description":"A clock time in the day when maintenance is allowed","description_kind":"plain","required":true}},"description":"A maintenance window comprise of a day of the week and a time for maintenance to be allowed","description_kind":"plain"},"max_items":1},"timeouts":{"nesting_mode":"single","block":{"attributes":{"create":{"type":"string","description_kind":"plain","optional":true},"default":{"type":"string","description_kind":"plain","optional":true},"delete":{"type":"string","description_kind":"plain","optional":true},"update":{"type":"string","description_kind":"plain","optional":true}},"description_kind":"plain"}}},"description_kind":"plain"}},"profitbricks_lan":{"version":0,"block":{"attributes":{"datacenter_id":{"type":"string","description_kind":"plain","required":true},"id":{"type":"string","description_kind":"plain","optional":true,"computed":true},"name":{"type":"string","description_kind":"plain","optional":true},"pcc":{"type":"string","description_kind":"plain","optional":true},"public":{"type":"bool","description_kind":"plain","required":true}},"block_types":{"timeouts":{"nesting_mode":"single","block":{"attributes":{"create":{"type":"string","description_kind":"plain","optional":true},"default":{"type":"string","description_kind":"plain","optional":true},"delete":{"type":"string","description_kind":"plain","optional":true},"update":{"type":"string","description_kind":"plain","optional":true}},"description_kind":"plain"}}},"description_kind":"plain"}},"profitbricks_loadbalancer":{"version":0,"block":{"attributes":{"datacenter_id":{"type":"string","description_kind":"plain","required":true},"dhcp":{"type":"bool","description_kind":"plain","optional":true},"id":{"type":"string","description_kind":"plain","optional":true,"computed":true},"ip":{"type":"string","description_kind":"plain","optional":true},"name":{"type":"string","description_kind":"plain","required":true},"nic_ids":{"type":["list","string"],"description_kind":"plain","required":true}},"block_types":{"timeouts":{"nesting_mode":"single","block":{"attributes":{"create":{"type":"string","description_kind":"plain","optional":true},"default":{"type":"string","description_kind":"plain","optional":true},"delete":{"type":"string","description_kind":"plain","optional":true},"update":{"type":"string","description_kind":"plain","optional":true}},"description_kind":"plain"}}},"description_kind":"plain"}},"profitbricks_nic":{"version":0,"block":{"attributes":{"datacenter_id":{"type":"string","description_kind":"plain","required":true},"dhcp":{"type":"bool","description_kind":"plain","optional":true},"firewall_active":{"type":"bool","description_kind":"plain","optional":true},"id":{"type":"string","description_kind":"plain","optional":true,"computed":true},"ip":{"type":"string","description_kind":"plain","optional":true},"ips":{"type":["list","string"],"description_kind":"plain","computed":true},"lan":{"type":"number","description_kind":"plain","required":true},"mac":{"type":"string","description_kind":"plain","computed":true},"name":{"type":"string","description_kind":"plain","optional":true},"nat":{"type":"bool","description_kind":"plain","optional":true},"server_id":{"type":"string","description_kind":"plain","required":true}},"block_types":{"timeouts":{"nesting_mode":"single","block":{"attributes":{"create":{"type":"string","description_kind":"plain","optional":true},"default":{"type":"string","description_kind":"plain","optional":true},"delete":{"type":"string","description_kind":"plain","optional":true},"update":{"type":"string","description_kind":"plain","optional":true}},"description_kind":"plain"}}},"description_kind":"plain"}},"profitbricks_private_crossconnect":{"version":0,"block":{"attributes":{"connectable_datacenters":{"type":["list",["object",{"id":"string","location":"string","name":"string"}]],"description":"A list containing all the connectable datacenters","description_kind":"plain","computed":true},"description":{"type":"string","description":"The desired description for the private cross-connect","description_kind":"plain","optional":true},"id":{"type":"string","description_kind":"plain","optional":true,"computed":true},"name":{"type":"string","description":"The desired name for the private cross-connect","description_kind":"plain","required":true},"peers":{"type":["list",["object",{"datacenter_id":"string","datacenter_name":"string","lan_id":"string","lan_name":"string","location":"string"}]],"description":"A list containing the details of all datacenter cross-connected through this private cross-connect","description_kind":"plain","computed":true}},"block_types":{"timeouts":{"nesting_mode":"single","block":{"attributes":{"create":{"type":"string","description_kind":"plain","optional":true},"default":{"type":"string","description_kind":"plain","optional":true},"delete":{"type":"string","description_kind":"plain","optional":true},"update":{"type":"string","description_kind":"plain","optional":true}},"description_kind":"plain"}}},"description_kind":"plain"}},"profitbricks_s3_key":{"version":0,"block":{"attributes":{"active":{"type":"bool","description":"Whether this key should be active or not.","description_kind":"plain","optional":true},"id":{"type":"string","description_kind":"plain","optional":true,"computed":true},"secret_key":{"type":"string","description":"The S3 Secret key.","description_kind":"plain","computed":true},"user_id":{"type":"string","description":"The ID of the user that owns the key.","description_kind":"plain","required":true}},"block_types":{"timeouts":{"nesting_mode":"single","block":{"attributes":{"create":{"type":"string","description_kind":"plain","optional":true},"default":{"type":"string","description_kind":"plain","optional":true},"delete":{"type":"string","description_kind":"plain","optional":true},"update":{"type":"string","description_kind":"plain","optional":true}},"description_kind":"plain"}}},"description_kind":"plain"}},"profitbricks_server":{"version":0,"block":{"attributes":{"availability_zone":{"type":"string","description_kind":"plain","optional":true},"boot_cdrom":{"type":"string","description_kind":"plain","computed":true},"boot_image":{"type":"string","description_kind":"plain","optional":true,"computed":true},"boot_volume":{"type":"string","description_kind":"plain","computed":true},"cores":{"type":"number","description_kind":"plain","required":true},"cpu_family":{"type":"string","description_kind":"plain","optional":true,"computed":true},"datacenter_id":{"type":"string","description_kind":"plain","required":true},"firewallrule_id":{"type":"string","description_kind":"plain","computed":true},"id":{"type":"string","description_kind":"plain","optional":true,"computed":true},"image_name":{"type":"string","description_kind":"plain","optional":true,"computed":true},"image_password":{"type":"string","description_kind":"plain","optional":true,"computed":true,"sensitive":true},"licence_type":{"type":"string","description_kind":"plain","optional":true},"name":{"type":"string","description_kind":"plain","required":true},"primary_ip":{"type":"string","description_kind":"plain","computed":true},"primary_nic":{"type":"string","description_kind":"plain","computed":true},"ram":{"type":"number","description_kind":"plain","required":true},"ssh_key_path":{"type":["list","string"],"description_kind":"plain","optional":true,"computed":true}},"block_types":{"nic":{"nesting_mode":"list","block":{"attributes":{"dhcp":{"type":"bool","description_kind":"plain","optional":true},"firewall_active":{"type":"bool","description_kind":"plain","optional":true},"ip":{"type":"string","description_kind":"plain","optional":true},"ips":{"type":["list","string"],"description_kind":"plain","computed":true},"lan":{"type":"number","description_kind":"plain","required":true},"mac":{"type":"string","description_kind":"plain","computed":true},"name":{"type":"string","description_kind":"plain","optional":true},"nat":{"type":"bool","description_kind":"plain","optional":true}},"block_types":{"firewall":{"nesting_mode":"list","block":{"attributes":{"icmp_code":{"type":"string","description_kind":"plain","optional":true},"icmp_type":{"type":"string","description_kind":"plain","optional":true},"ip":{"type":"string","description_kind":"plain","optional":true,"computed":true},"ips":{"type":["list","string"],"description_kind":"plain","optional":true},"name":{"type":"string","description_kind":"plain","optional":true},"port_range_end":{"type":"number","description_kind":"plain","optional":true},"port_range_start":{"type":"number","description_kind":"plain","optional":true},"protocol":{"type":"string","description_kind":"plain","required":true},"source_ip":{"type":"string","description_kind":"plain","optional":true},"source_mac":{"type":"string","description_kind":"plain","optional":true},"target_ip":{"type":"string","description_kind":"plain","optional":true}},"description_kind":"plain"},"max_items":1}},"description_kind":"plain"},"min_items":1,"max_items":1},"timeouts":{"nesting_mode":"single","block":{"attributes":{"create":{"type":"string","description_kind":"plain","optional":true},"default":{"type":"string","description_kind":"plain","optional":true},"delete":{"type":"string","description_kind":"plain","optional":true},"update":{"type":"string","description_kind":"plain","optional":true}},"description_kind":"plain"}},"volume":{"nesting_mode":"list","block":{"attributes":{"availability_zone":{"type":"string","description_kind":"plain","optional":true,"computed":true},"bus":{"type":"string","description_kind":"plain","optional":true,"computed":true},"disk_type":{"type":"string","description_kind":"plain","required":true},"image_aliases":{"type":["list","string"],"description_kind":"plain","computed":true},"image_name":{"type":"string","description_kind":"plain","deprecated":true,"optional":true},"image_password":{"type":"string","description_kind":"plain","deprecated":true,"optional":true},"licence_type":{"type":"string","description_kind":"plain","optional":true,"computed":true},"name":{"type":"string","description_kind":"plain","optional":true},"size":{"type":"number","description_kind":"plain","required":true},"ssh_key_path":{"type":["list","string"],"description_kind":"plain","deprecated":true,"optional":true}},"description_kind":"plain"},"min_items":1,"max_items":1}},"description_kind":"plain"}},"profitbricks_share":{"version":0,"block":{"attributes":{"edit_privilege":{"type":"bool","description_kind":"plain","required":true},"group_id":{"type":"string","description_kind":"plain","required":true},"id":{"type":"string","description_kind":"plain","optional":true,"computed":true},"resource_id":{"type":"string","description_kind":"plain","required":true},"share_privilege":{"type":"bool","description_kind":"plain","required":true}},"block_types":{"timeouts":{"nesting_mode":"single","block":{"attributes":{"create":{"type":"string","description_kind":"plain","optional":true},"default":{"type":"string","description_kind":"plain","optional":true},"delete":{"type":"string","description_kind":"plain","optional":true},"update":{"type":"string","description_kind":"plain","optional":true}},"description_kind":"plain"}}},"description_kind":"plain"}},"profitbricks_snapshot":{"version":0,"block":{"attributes":{"datacenter_id":{"type":"string","description_kind":"plain","required":true},"id":{"type":"string","description_kind":"plain","optional":true,"computed":true},"name":{"type":"string","description_kind":"plain","required":true},"volume_id":{"type":"string","description_kind":"plain","required":true}},"block_types":{"timeouts":{"nesting_mode":"single","block":{"attributes":{"create":{"type":"string","description_kind":"plain","optional":true},"default":{"type":"string","description_kind":"plain","optional":true},"delete":{"type":"string","description_kind":"plain","optional":true},"update":{"type":"string","description_kind":"plain","optional":true}},"description_kind":"plain"}}},"description_kind":"plain"}},"profitbricks_user":{"version":0,"block":{"attributes":{"administrator":{"type":"bool","description_kind":"plain","required":true},"email":{"type":"string","description_kind":"plain","required":true},"first_name":{"type":"string","description_kind":"plain","required":true},"force_sec_auth":{"type":"bool","description_kind":"plain","required":true},"id":{"type":"string","description_kind":"plain","optional":true,"computed":true},"last_name":{"type":"string","description_kind":"plain","required":true},"password":{"type":"string","description_kind":"plain","required":true}},"block_types":{"timeouts":{"nesting_mode":"single","block":{"attributes":{"create":{"type":"string","description_kind":"plain","optional":true},"default":{"type":"string","description_kind":"plain","optional":true},"delete":{"type":"string","description_kind":"plain","optional":true},"update":{"type":"string","description_kind":"plain","optional":true}},"description_kind":"plain"}}},"description_kind":"plain"}},"profitbricks_volume":{"version":0,"block":{"attributes":{"availability_zone":{"type":"string","description_kind":"plain","optional":true},"bus":{"type":"string","description_kind":"plain","optional":true},"datacenter_id":{"type":"string","description_kind":"plain","required":true},"disk_type":{"type":"string","description_kind":"plain","required":true},"id":{"type":"string","description_kind":"plain","optional":true,"computed":true},"image_name":{"type":"string","description_kind":"plain","optional":true},"image_password":{"type":"string","description_kind":"plain","optional":true},"licence_type":{"type":"string","description_kind":"plain","optional":true},"name":{"type":"string","description_kind":"plain","optional":true},"server_id":{"type":"string","description_kind":"plain","required":true},"size":{"type":"number","description_kind":"plain","required":true},"ssh_key_path":{"type":["list","string"],"description_kind":"plain","optional":true},"sshkey":{"type":"string","description_kind":"plain","computed":true}},"block_types":{"timeouts":{"nesting_mode":"single","block":{"attributes":{"create":{"type":"string","description_kind":"plain","optional":true},"default":{"type":"string","description_kind":"plain","optional":true},"delete":{"type":"string","description_kind":"plain","optional":true},"update":{"type":"string","description_kind":"plain","optional":true}},"description_kind":"plain"}}},"description_kind":"plain"}}},"data_source_schemas":{"profitbricks_datacenter":{"version":0,"block":{"attributes":{"id":{"type":"string","description_kind":"plain","optional":true},"location":{"type":"string","description_kind":"plain","optional":true},"name":{"type":"string","description_kind":"plain","optional":true}},"block_types":{"timeouts":{"nesting_mode":"single","block":{"attributes":{"create":{"type":"string","description_kind":"plain","optional":true},"default":{"type":"string","description_kind":"plain","optional":true},"delete":{"type":"string","description_kind":"plain","optional":true},"update":{"type":"string","description_kind":"plain","optional":true}},"description_kind":"plain"}}},"description_kind":"plain"}},"profitbricks_image":{"version":0,"block":{"attributes":{"id":{"type":"string","description_kind":"plain","optional":true,"computed":true},"location":{"type":"string","description_kind":"plain","optional":true},"name":{"type":"string","description_kind":"plain","optional":true},"type":{"type":"string","description_kind":"plain","optional":true},"version":{"type":"string","description_kind":"plain","optional":true}},"block_types":{"timeouts":{"nesting_mode":"single","block":{"attributes":{"create":{"type":"string","description_kind":"plain","optional":true},"default":{"type":"string","description_kind":"plain","optional":true},"delete":{"type":"string","description_kind":"plain","optional":true},"update":{"type":"string","description_kind":"plain","optional":true}},"description_kind":"plain"}}},"description_kind":"plain"}},"profitbricks_k8s_cluster":{"version":0,"block":{"attributes":{"id":{"type":"string","description_kind":"plain","optional":true},"k8s_version":{"type":"string","description_kind":"plain","computed":true},"kube_config":{"type":"string","description_kind":"plain","computed":true},"name":{"type":"string","description_kind":"plain","optional":true},"node_pools":{"type":["list","string"],"description_kind":"plain","computed":true},"state":{"type":"string","description_kind":"plain","computed":true}},"block_types":{"timeouts":{"nesting_mode":"single","block":{"attributes":{"create":{"type":"string","description_kind":"plain","optional":true},"default":{"type":"string","description_kind":"plain","optional":true},"delete":{"type":"string","description_kind":"plain","optional":true},"update":{"type":"string","description_kind":"plain","optional":true}},"description_kind":"plain"}}},"description_kind":"plain"}},"profitbricks_k8s_node_pool":{"version":0,"block":{"attributes":{"annotations":{"type":["map","string"],"description_kind":"plain","computed":true},"auto_scaling":{"type":["list",["object",{"max_node_count":"number","min_node_count":"number"}]],"description":"The range defining the minimum and maximum number of worker nodes that the managed node group can scale in","description_kind":"plain","computed":true},"availability_zone":{"type":"string","description":"The compute availability zone in which the nodes should exist","description_kind":"plain","computed":true},"available_upgrade_versions":{"type":["list","string"],"description":"A list of kubernetes versions available for upgrade","description_kind":"plain","computed":true},"cores_count":{"type":"number","description":"CPU cores count","description_kind":"plain","computed":true},"cpu_family":{"type":"string","description":"CPU Family","description_kind":"plain","computed":true},"datacenter_id":{"type":"string","description":"The UUID of the VDC","description_kind":"plain","computed":true},"id":{"type":"string","description_kind":"plain","optional":true},"k8s_cluster_id":{"type":"string","description":"The UUID of an existing kubernetes cluster","description_kind":"plain","required":true},"k8s_version":{"type":"string","description":"The kubernetes version","description_kind":"plain","computed":true},"labels":{"type":["map","string"],"description_kind":"plain","computed":true},"lans":{"type":["list","number"],"description":"A list of Local Area Networks the node pool should be part of","description_kind":"plain","computed":true},"maintenance_window":{"type":["list",["object",{"day_of_the_week":"string","time":"string"}]],"description":"A maintenance window comprise of a day of the week and a time for maintenance to be allowed","description_kind":"plain","computed":true},"name":{"type":"string","description":"The desired name for the node pool","description_kind":"plain","optional":true},"node_count":{"type":"number","description":"The number of nodes in this node pool","description_kind":"plain","computed":true},"public_ips":{"type":["list","string"],"description":"A list of fixed IPs","description_kind":"plain","optional":true},"ram_size":{"type":"number","description":"The amount of RAM in MB","description_kind":"plain","computed":true},"state":{"type":"string","description_kind":"plain","computed":true},"storage_size":{"type":"number","description_kind":"plain","computed":true},"storage_type":{"type":"string","description":"Storage type to use","description_kind":"plain","computed":true}},"block_types":{"timeouts":{"nesting_mode":"single","block":{"attributes":{"create":{"type":"string","description_kind":"plain","optional":true},"default":{"type":"string","description_kind":"plain","optional":true},"delete":{"type":"string","description_kind":"plain","optional":true},"update":{"type":"string","description_kind":"plain","optional":true}},"description_kind":"plain"}}},"description_kind":"plain"}},"profitbricks_lan":{"version":0,"block":{"attributes":{"datacenter_id":{"type":"string","description_kind":"plain","required":true},"id":{"type":"string","description_kind":"plain","optional":true},"ip_failover":{"type":["list",["object",{"ip":"string","nic_uuid":"string"}]],"description_kind":"plain","computed":true},"name":{"type":"string","description_kind":"plain","optional":true},"pcc":{"type":"string","description_kind":"plain","computed":true},"public":{"type":"bool","description_kind":"plain","computed":true}},"block_types":{"timeouts":{"nesting_mode":"single","block":{"attributes":{"create":{"type":"string","description_kind":"plain","optional":true},"default":{"type":"string","description_kind":"plain","optional":true},"delete":{"type":"string","description_kind":"plain","optional":true},"update":{"type":"string","description_kind":"plain","optional":true}},"description_kind":"plain"}}},"description_kind":"plain"}},"profitbricks_location":{"version":0,"block":{"attributes":{"feature":{"type":"string","description_kind":"plain","optional":true},"id":{"type":"string","description_kind":"plain","optional":true,"computed":true},"name":{"type":"string","description_kind":"plain","optional":true}},"block_types":{"timeouts":{"nesting_mode":"single","block":{"attributes":{"create":{"type":"string","description_kind":"plain","optional":true},"default":{"type":"string","description_kind":"plain","optional":true},"delete":{"type":"string","description_kind":"plain","optional":true},"update":{"type":"string","description_kind":"plain","optional":true}},"description_kind":"plain"}}},"description_kind":"plain"}},"profitbricks_private_crossconnect":{"version":0,"block":{"attributes":{"connectable_datacenters":{"type":["list",["object",{"id":"string","location":"string","name":"string"}]],"description_kind":"plain","computed":true},"description":{"type":"string","description_kind":"plain","optional":true},"id":{"type":"string","description_kind":"plain","optional":true},"name":{"type":"string","description_kind":"plain","optional":true},"peers":{"type":["list",["object",{"datacenter_id":"string","datacenter_name":"string","lan_id":"string","lan_name":"string","location":"string"}]],"description_kind":"plain","computed":true}},"block_types":{"timeouts":{"nesting_mode":"single","block":{"attributes":{"create":{"type":"string","description_kind":"plain","optional":true},"default":{"type":"string","description_kind":"plain","optional":true},"delete":{"type":"string","description_kind":"plain","optional":true},"update":{"type":"string","description_kind":"plain","optional":true}},"description_kind":"plain"}}},"description_kind":"plain"}},"profitbricks_resource":{"version":0,"block":{"attributes":{"id":{"type":"string","description_kind":"plain","optional":true,"computed":true},"resource_id":{"type":"string","description_kind":"plain","optional":true},"resource_type":{"type":"string","description_kind":"plain","optional":true}},"block_types":{"timeouts":{"nesting_mode":"single","block":{"attributes":{"create":{"type":"string","description_kind":"plain","optional":true},"default":{"type":"string","description_kind":"plain","optional":true},"delete":{"type":"string","description_kind":"plain","optional":true},"update":{"type":"string","description_kind":"plain","optional":true}},"description_kind":"plain"}}},"description_kind":"plain"}},"profitbricks_server":{"version":0,"block":{"attributes":{"availability_zone":{"type":"string","description_kind":"plain","computed":true},"boot_cdrom":{"type":"string","description_kind":"plain","computed":true},"boot_volume":{"type":"string","description_kind":"plain","computed":true},"cdroms":{"type":["list",["object",{"cpu_hot_plug":"bool","cpu_hot_unplug":"bool","description":"string","disc_scsi_hot_plug":"bool","disc_scsi_hot_unplug":"bool","disc_virtio_hot_plug":"bool","disc_virtio_hot_unplug":"bool","id":"string","image_aliases":["list","string"],"image_type":"string","licence_type":"string","location":"string","name":"string","nic_hot_plug":"bool","nic_hot_unplug":"bool","public":"bool","ram_hot_plug":"bool","ram_hot_unplug":"bool","size":"number"}]],"description_kind":"plain","computed":true},"cores":{"type":"number","description_kind":"plain","computed":true},"cpu_family":{"type":"string","description_kind":"plain","computed":true},"datacenter_id":{"type":"string","description_kind":"plain","required":true},"id":{"type":"string","description_kind":"plain","optional":true},"name":{"type":"string","description_kind":"plain","optional":true},"nics":{"type":["list",["object",{"dhcp":"bool","firewall_active":"bool","firewall_rules":["list",["object",{"icmp_code":"number","icmp_type":"number","id":"string","name":"string","port_range_end":"number","port_range_start":"number","protocol":"string","source_ip":"string","source_mac":"string","target_ip":"string"}]],"id":"string","ips":["list","string"],"lan":"number","mac":"string","name":"string","nat":"bool"}]],"description_kind":"plain","computed":true},"ram":{"type":"number","description_kind":"plain","computed":true},"vm_state":{"type":"string","description_kind":"plain","computed":true},"volumes":{"type":["list",["object",{"availability_zone":"string","bus":"string","cpu_hot_plug":"bool","cpu_hot_unplug":"bool","device_number":"number","disc_scsi_hot_plug":"bool","disc_scsi_hot_unplug":"bool","disc_virtio_hot_plug":"bool","disc_virtio_hot_unplug":"bool","id":"string","image":"string","image_alias":"string","image_password":"string","licence_type":"string","name":"string","nic_hot_plug":"bool","nic_hot_unplug":"bool","ram_hot_plug":"bool","ram_hot_unplug":"bool","size":"number","ssh_keys":["list","string"],"type":"string"}]],"description_kind":"plain","computed":true}},"block_types":{"timeouts":{"nesting_mode":"single","block":{"attributes":{"create":{"type":"string","description_kind":"plain","optional":true},"default":{"type":"string","description_kind":"plain","optional":true},"delete":{"type":"string","description_kind":"plain","optional":true},"update":{"type":"string","description_kind":"plain","optional":true}},"description_kind":"plain"}}},"description_kind":"plain"}},"profitbricks_snapshot":{"version":0,"block":{"attributes":{"id":{"type":"string","description_kind":"plain","optional":true,"computed":true},"location":{"type":"string","description_kind":"plain","optional":true},"name":{"type":"string","description_kind":"plain","required":true},"size":{"type":"number","description_kind":"plain","optional":true}},"block_types":{"timeouts":{"nesting_mode":"single","block":{"attributes":{"create":{"type":"string","description_kind":"plain","optional":true},"default":{"type":"string","description_kind":"plain","optional":true},"delete":{"type":"string","description_kind":"plain","optional":true},"update":{"type":"string","description_kind":"plain","optional":true}},"description_kind":"plain"}}},"description_kind":"plain"}}}}}}
