{"format_version":"0.2","provider_schemas":{"registry.terraform.io/iterative/iterative":{"provider":{"version":0,"block":{"description_kind":"plain"}},"resource_schemas":{"iterative_cml_runner":{"version":0,"block":{"attributes":{"aws_security_group":{"type":"string","description_kind":"plain","optional":true},"cloud":{"type":"string","description_kind":"plain","optional":true},"driver":{"type":"string","description_kind":"plain","required":true},"id":{"type":"string","description_kind":"plain","optional":true,"computed":true},"idle_timeout":{"type":"number","description_kind":"plain","optional":true},"image":{"type":"string","description_kind":"plain","computed":true},"instance_gpu":{"type":"string","description_kind":"plain","optional":true},"instance_hdd_size":{"type":"number","description_kind":"plain","optional":true},"instance_ip":{"type":"string","description_kind":"plain","computed":true},"instance_launch_time":{"type":"string","description_kind":"plain","computed":true},"instance_permission_set":{"type":"string","description_kind":"plain","optional":true},"instance_type":{"type":"string","description_kind":"plain","optional":true},"labels":{"type":"string","description_kind":"plain","optional":true},"metadata":{"type":["map","string"],"description_kind":"plain","optional":true},"name":{"type":"string","description_kind":"plain","optional":true},"region":{"type":"string","description_kind":"plain","optional":true},"repo":{"type":"string","description_kind":"plain","required":true},"single":{"type":"bool","description_kind":"plain","optional":true},"spot":{"type":"bool","description_kind":"plain","optional":true},"spot_price":{"type":"number","description_kind":"plain","optional":true},"ssh_private":{"type":"string","description_kind":"plain","optional":true,"sensitive":true},"ssh_public":{"type":"string","description_kind":"plain","computed":true},"startup_script":{"type":"string","description_kind":"plain","optional":true,"sensitive":true},"token":{"type":"string","description_kind":"plain","optional":true,"sensitive":true}},"block_types":{"timeouts":{"nesting_mode":"single","block":{"attributes":{"create":{"type":"string","description_kind":"plain","optional":true},"delete":{"type":"string","description_kind":"plain","optional":true},"update":{"type":"string","description_kind":"plain","optional":true}},"description_kind":"plain"}}},"description_kind":"plain"}},"iterative_machine":{"version":0,"block":{"attributes":{"aws_security_group":{"type":"string","description_kind":"plain","optional":true},"cloud":{"type":"string","description_kind":"plain","optional":true},"id":{"type":"string","description_kind":"plain","optional":true,"computed":true},"image":{"type":"string","description_kind":"plain","optional":true},"instance_gpu":{"type":"string","description_kind":"plain","optional":true},"instance_hdd_size":{"type":"number","description_kind":"plain","optional":true},"instance_ip":{"type":"string","description_kind":"plain","computed":true},"instance_launch_time":{"type":"string","description_kind":"plain","computed":true},"instance_permission_set":{"type":"string","description_kind":"plain","optional":true},"instance_type":{"type":"string","description_kind":"plain","optional":true},"metadata":{"type":["map","string"],"description_kind":"plain","optional":true},"name":{"type":"string","description_kind":"plain","optional":true},"region":{"type":"string","description_kind":"plain","optional":true},"spot":{"type":"bool","description_kind":"plain","optional":true},"spot_price":{"type":"number","description_kind":"plain","optional":true},"ssh_name":{"type":"string","description_kind":"plain","computed":true},"ssh_private":{"type":"string","description_kind":"plain","optional":true,"sensitive":true},"ssh_public":{"type":"string","description_kind":"plain","computed":true},"startup_script":{"type":"string","description_kind":"plain","optional":true,"sensitive":true}},"block_types":{"timeouts":{"nesting_mode":"single","block":{"attributes":{"create":{"type":"string","description_kind":"plain","optional":true},"delete":{"type":"string","description_kind":"plain","optional":true}},"description_kind":"plain"}}},"description_kind":"plain"}}}}}}
