{"format_version":"0.2","provider_schemas":{"registry.terraform.io/lacework/lacework":{"provider":{"version":0,"block":{"attributes":{"account":{"type":"string","description":"Lacework account subdomain of URL (i.e. \u003cACCOUNT\u003e.lacework.net)","description_kind":"plain","optional":true},"api_key":{"type":"string","description":"Lacework API access key","description_kind":"plain","optional":true},"api_secret":{"type":"string","description":"Lacework API access secret","description_kind":"plain","optional":true},"organization":{"type":"bool","description":"Set it to true to access organization level data sets (org admins only)","description_kind":"plain","optional":true},"profile":{"type":"string","description":"Lacework profile name to use, profiles are configured at $HOME/.lacework.toml via the Lacework CLI","description_kind":"plain","optional":true},"subaccount":{"type":"string","description":"The sub-account name inside your organization (org admins only)","description_kind":"plain","optional":true}},"description_kind":"plain"}},"resource_schemas":{"lacework_agent_access_token":{"version":0,"block":{"attributes":{"account":{"type":"string","description_kind":"plain","computed":true},"created_time":{"type":"string","description_kind":"plain","computed":true},"description":{"type":"string","description_kind":"plain","optional":true},"enabled":{"type":"bool","description_kind":"plain","optional":true},"id":{"type":"string","description_kind":"plain","optional":true,"computed":true},"last_updated_time":{"type":"string","description_kind":"plain","computed":true},"name":{"type":"string","description_kind":"plain","required":true},"token":{"type":"string","description_kind":"plain","computed":true,"sensitive":true},"version":{"type":"string","description_kind":"plain","computed":true}},"description_kind":"plain"}},"lacework_alert_channel_aws_cloudwatch":{"version":0,"block":{"attributes":{"created_or_updated_by":{"type":"string","description_kind":"plain","computed":true},"created_or_updated_time":{"type":"string","description_kind":"plain","computed":true},"enabled":{"type":"bool","description_kind":"plain","optional":true},"event_bus_arn":{"type":"string","description_kind":"plain","required":true},"group_issues_by":{"type":"string","description_kind":"plain","optional":true},"id":{"type":"string","description_kind":"plain","optional":true,"computed":true},"intg_guid":{"type":"string","description_kind":"plain","computed":true},"name":{"type":"string","description_kind":"plain","required":true},"org_level":{"type":"bool","description_kind":"plain","computed":true},"test_integration":{"type":"bool","description":"Whether to test the integration of an alert channel upon creation and modification","description_kind":"plain","optional":true},"type_name":{"type":"string","description_kind":"plain","computed":true}},"description_kind":"plain"}},"lacework_alert_channel_aws_s3":{"version":0,"block":{"attributes":{"bucket_arn":{"type":"string","description":"The ARN of the S3 bucket","description_kind":"plain","required":true},"created_or_updated_by":{"type":"string","description_kind":"plain","computed":true},"created_or_updated_time":{"type":"string","description_kind":"plain","computed":true},"enabled":{"type":"bool","description":"The state of the external integration","description_kind":"plain","optional":true},"id":{"type":"string","description_kind":"plain","optional":true,"computed":true},"intg_guid":{"type":"string","description_kind":"plain","computed":true},"name":{"type":"string","description":"The integration name","description_kind":"plain","required":true},"org_level":{"type":"bool","description_kind":"plain","computed":true},"test_integration":{"type":"bool","description":"Whether to test the integration of an alert channel upon creation and modification","description_kind":"plain","optional":true},"type_name":{"type":"string","description_kind":"plain","computed":true}},"block_types":{"credentials":{"nesting_mode":"list","block":{"attributes":{"external_id":{"type":"string","description":"The ARN of the IAM role","description_kind":"plain","required":true},"role_arn":{"type":"string","description":"The external ID of the IAM role","description_kind":"plain","required":true}},"description":"The credentials needed by the integration","description_kind":"plain"},"min_items":1,"max_items":1}},"description_kind":"plain"}},"lacework_alert_channel_cisco_webex":{"version":0,"block":{"attributes":{"created_or_updated_by":{"type":"string","description_kind":"plain","computed":true},"created_or_updated_time":{"type":"string","description_kind":"plain","computed":true},"enabled":{"type":"bool","description_kind":"plain","optional":true},"id":{"type":"string","description_kind":"plain","optional":true,"computed":true},"intg_guid":{"type":"string","description_kind":"plain","computed":true},"name":{"type":"string","description_kind":"plain","required":true},"org_level":{"type":"bool","description_kind":"plain","computed":true},"test_integration":{"type":"bool","description":"Whether to test the integration of an alert channel upon creation and modification","description_kind":"plain","optional":true},"type_name":{"type":"string","description_kind":"plain","computed":true},"webhook_url":{"type":"string","description_kind":"plain","required":true}},"description_kind":"plain"}},"lacework_alert_channel_datadog":{"version":0,"block":{"attributes":{"api_key":{"type":"string","description":"The Datadog api key required to submit metrics and events to Datadog","description_kind":"plain","required":true,"sensitive":true},"created_or_updated_by":{"type":"string","description_kind":"plain","computed":true},"created_or_updated_time":{"type":"string","description_kind":"plain","computed":true},"datadog_service":{"type":"string","description":"The level of detail of logs or event stream","description_kind":"plain","optional":true},"datadog_site":{"type":"string","description":"Where to store your logs, either the US or Europe","description_kind":"plain","optional":true},"enabled":{"type":"bool","description":"The state of the external integration","description_kind":"plain","optional":true},"id":{"type":"string","description_kind":"plain","optional":true,"computed":true},"intg_guid":{"type":"string","description_kind":"plain","computed":true},"name":{"type":"string","description":"The integration name","description_kind":"plain","required":true},"org_level":{"type":"bool","description_kind":"plain","computed":true},"test_integration":{"type":"bool","description":"Whether to test the integration of an alert channel upon creation and modifications","description_kind":"plain","optional":true},"type_name":{"type":"string","description_kind":"plain","computed":true}},"description_kind":"plain"}},"lacework_alert_channel_email":{"version":0,"block":{"attributes":{"created_or_updated_by":{"type":"string","description_kind":"plain","computed":true},"created_or_updated_time":{"type":"string","description_kind":"plain","computed":true},"enabled":{"type":"bool","description":"The state of the external integration","description_kind":"plain","optional":true},"id":{"type":"string","description_kind":"plain","optional":true,"computed":true},"intg_guid":{"type":"string","description_kind":"plain","computed":true},"name":{"type":"string","description":"The integration name","description_kind":"plain","required":true},"org_level":{"type":"bool","description_kind":"plain","computed":true},"recipients":{"type":["list","string"],"description":"List of email addresses that you want to receive the alerts","description_kind":"plain","required":true},"test_integration":{"type":"bool","description":"Whether to test the integration of an alert channel upon creation and modification","description_kind":"plain","optional":true},"type_name":{"type":"string","description_kind":"plain","computed":true}},"description_kind":"plain"}},"lacework_alert_channel_gcp_pub_sub":{"version":0,"block":{"attributes":{"created_or_updated_by":{"type":"string","description_kind":"plain","computed":true},"created_or_updated_time":{"type":"string","description_kind":"plain","computed":true},"enabled":{"type":"bool","description_kind":"plain","optional":true},"id":{"type":"string","description_kind":"plain","optional":true,"computed":true},"intg_guid":{"type":"string","description_kind":"plain","computed":true},"issue_grouping":{"type":"string","description_kind":"plain","optional":true},"name":{"type":"string","description_kind":"plain","required":true},"org_level":{"type":"bool","description_kind":"plain","computed":true},"project_id":{"type":"string","description_kind":"plain","required":true},"test_integration":{"type":"bool","description":"Whether to test the integration of an alert channel upon creation and modification","description_kind":"plain","optional":true},"topic_id":{"type":"string","description_kind":"plain","required":true},"type_name":{"type":"string","description_kind":"plain","computed":true}},"block_types":{"credentials":{"nesting_mode":"list","block":{"attributes":{"client_email":{"type":"string","description_kind":"plain","required":true},"client_id":{"type":"string","description_kind":"plain","required":true},"private_key":{"type":"string","description_kind":"plain","required":true,"sensitive":true},"private_key_id":{"type":"string","description_kind":"plain","required":true}},"description_kind":"plain"},"min_items":1,"max_items":1}},"description_kind":"plain"}},"lacework_alert_channel_jira_cloud":{"version":0,"block":{"attributes":{"api_token":{"type":"string","description_kind":"plain","required":true,"sensitive":true},"created_or_updated_by":{"type":"string","description_kind":"plain","computed":true},"created_or_updated_time":{"type":"string","description_kind":"plain","computed":true},"custom_template_file":{"type":"string","description_kind":"plain","optional":true},"enabled":{"type":"bool","description_kind":"plain","optional":true},"group_issues_by":{"type":"string","description_kind":"plain","optional":true},"id":{"type":"string","description_kind":"plain","optional":true,"computed":true},"intg_guid":{"type":"string","description_kind":"plain","computed":true},"issue_type":{"type":"string","description_kind":"plain","required":true},"jira_url":{"type":"string","description_kind":"plain","required":true},"name":{"type":"string","description_kind":"plain","required":true},"org_level":{"type":"bool","description_kind":"plain","computed":true},"project_key":{"type":"string","description_kind":"plain","required":true},"test_integration":{"type":"bool","description":"Whether to test the integration of an alert channel upon creation and modification","description_kind":"plain","optional":true},"type_name":{"type":"string","description_kind":"plain","computed":true},"username":{"type":"string","description_kind":"plain","required":true}},"description_kind":"plain"}},"lacework_alert_channel_jira_server":{"version":0,"block":{"attributes":{"created_or_updated_by":{"type":"string","description_kind":"plain","computed":true},"created_or_updated_time":{"type":"string","description_kind":"plain","computed":true},"custom_template_file":{"type":"string","description_kind":"plain","optional":true},"enabled":{"type":"bool","description_kind":"plain","optional":true},"group_issues_by":{"type":"string","description_kind":"plain","optional":true},"id":{"type":"string","description_kind":"plain","optional":true,"computed":true},"intg_guid":{"type":"string","description_kind":"plain","computed":true},"issue_type":{"type":"string","description_kind":"plain","required":true},"jira_url":{"type":"string","description_kind":"plain","required":true},"name":{"type":"string","description_kind":"plain","required":true},"org_level":{"type":"bool","description_kind":"plain","computed":true},"password":{"type":"string","description_kind":"plain","required":true,"sensitive":true},"project_key":{"type":"string","description_kind":"plain","required":true},"test_integration":{"type":"bool","description":"Whether to test the integration of an alert channel upon creation and modification","description_kind":"plain","optional":true},"type_name":{"type":"string","description_kind":"plain","computed":true},"username":{"type":"string","description_kind":"plain","required":true}},"description_kind":"plain"}},"lacework_alert_channel_microsoft_teams":{"version":0,"block":{"attributes":{"created_or_updated_by":{"type":"string","description_kind":"plain","computed":true},"created_or_updated_time":{"type":"string","description_kind":"plain","computed":true},"enabled":{"type":"bool","description_kind":"plain","optional":true},"id":{"type":"string","description_kind":"plain","optional":true,"computed":true},"intg_guid":{"type":"string","description_kind":"plain","computed":true},"name":{"type":"string","description_kind":"plain","required":true},"org_level":{"type":"bool","description_kind":"plain","computed":true},"test_integration":{"type":"bool","description":"Whether to test the integration of an alert channel upon creation and modification","description_kind":"plain","optional":true},"type_name":{"type":"string","description_kind":"plain","computed":true},"webhook_url":{"type":"string","description_kind":"plain","required":true}},"description_kind":"plain"}},"lacework_alert_channel_newrelic":{"version":0,"block":{"attributes":{"account_id":{"type":"number","description_kind":"plain","required":true},"created_or_updated_by":{"type":"string","description_kind":"plain","computed":true},"created_or_updated_time":{"type":"string","description_kind":"plain","computed":true},"enabled":{"type":"bool","description_kind":"plain","optional":true},"id":{"type":"string","description_kind":"plain","optional":true,"computed":true},"insert_key":{"type":"string","description_kind":"plain","required":true},"intg_guid":{"type":"string","description_kind":"plain","computed":true},"name":{"type":"string","description_kind":"plain","required":true},"org_level":{"type":"bool","description_kind":"plain","computed":true},"test_integration":{"type":"bool","description":"Whether to test the integration of an alert channel upon creation and modification","description_kind":"plain","optional":true},"type_name":{"type":"string","description_kind":"plain","computed":true}},"description_kind":"plain"}},"lacework_alert_channel_pagerduty":{"version":0,"block":{"attributes":{"created_or_updated_by":{"type":"string","description_kind":"plain","computed":true},"created_or_updated_time":{"type":"string","description_kind":"plain","computed":true},"enabled":{"type":"bool","description_kind":"plain","optional":true},"id":{"type":"string","description_kind":"plain","optional":true,"computed":true},"integration_key":{"type":"string","description_kind":"plain","required":true,"sensitive":true},"intg_guid":{"type":"string","description_kind":"plain","computed":true},"name":{"type":"string","description_kind":"plain","required":true},"org_level":{"type":"bool","description_kind":"plain","computed":true},"test_integration":{"type":"bool","description":"Whether to test the integration of an alert channel upon creation or modification","description_kind":"plain","optional":true},"type_name":{"type":"string","description_kind":"plain","computed":true}},"description_kind":"plain"}},"lacework_alert_channel_qradar":{"version":0,"block":{"attributes":{"communication_type":{"type":"string","description_kind":"plain","optional":true},"created_or_updated_by":{"type":"string","description_kind":"plain","computed":true},"created_or_updated_time":{"type":"string","description_kind":"plain","computed":true},"enabled":{"type":"bool","description_kind":"plain","optional":true},"host_port":{"type":"number","description_kind":"plain","optional":true},"host_url":{"type":"string","description_kind":"plain","required":true},"id":{"type":"string","description_kind":"plain","optional":true,"computed":true},"intg_guid":{"type":"string","description_kind":"plain","computed":true},"name":{"type":"string","description_kind":"plain","required":true},"org_level":{"type":"bool","description_kind":"plain","computed":true},"test_integration":{"type":"bool","description":"Whether to test the integration of an alert channel upon creation or modification","description_kind":"plain","optional":true},"type_name":{"type":"string","description_kind":"plain","computed":true}},"description_kind":"plain"}},"lacework_alert_channel_service_now":{"version":0,"block":{"attributes":{"created_or_updated_by":{"type":"string","description_kind":"plain","computed":true},"created_or_updated_time":{"type":"string","description_kind":"plain","computed":true},"custom_template_file":{"type":"string","description_kind":"plain","optional":true},"enabled":{"type":"bool","description_kind":"plain","optional":true},"id":{"type":"string","description_kind":"plain","optional":true,"computed":true},"instance_url":{"type":"string","description_kind":"plain","required":true},"intg_guid":{"type":"string","description_kind":"plain","computed":true},"issue_grouping":{"type":"string","description_kind":"plain","optional":true},"name":{"type":"string","description_kind":"plain","required":true},"org_level":{"type":"bool","description_kind":"plain","computed":true},"password":{"type":"string","description_kind":"plain","required":true,"sensitive":true},"test_integration":{"type":"bool","description":"Whether to test the integration of an alert channel upon creation and modification","description_kind":"plain","optional":true},"type_name":{"type":"string","description_kind":"plain","computed":true},"username":{"type":"string","description_kind":"plain","required":true}},"description_kind":"plain"}},"lacework_alert_channel_slack":{"version":0,"block":{"attributes":{"created_or_updated_by":{"type":"string","description_kind":"plain","computed":true},"created_or_updated_time":{"type":"string","description_kind":"plain","computed":true},"enabled":{"type":"bool","description":"The state of the external integration","description_kind":"plain","optional":true},"id":{"type":"string","description_kind":"plain","optional":true,"computed":true},"intg_guid":{"type":"string","description_kind":"plain","computed":true},"name":{"type":"string","description":"The integration name","description_kind":"plain","required":true},"org_level":{"type":"bool","description_kind":"plain","computed":true},"slack_url":{"type":"string","description":"The URL of the incoming Slack webhook","description_kind":"plain","required":true},"test_integration":{"type":"bool","description":"Whether to test the integration of an alert channel upon creation and modification","description_kind":"plain","optional":true},"type_name":{"type":"string","description_kind":"plain","computed":true}},"description_kind":"plain"}},"lacework_alert_channel_splunk":{"version":0,"block":{"attributes":{"channel":{"type":"string","description_kind":"plain","optional":true},"created_or_updated_by":{"type":"string","description_kind":"plain","computed":true},"created_or_updated_time":{"type":"string","description_kind":"plain","computed":true},"enabled":{"type":"bool","description_kind":"plain","optional":true},"hec_token":{"type":"string","description_kind":"plain","required":true},"host":{"type":"string","description_kind":"plain","required":true},"id":{"type":"string","description_kind":"plain","optional":true,"computed":true},"intg_guid":{"type":"string","description_kind":"plain","computed":true},"name":{"type":"string","description_kind":"plain","required":true},"org_level":{"type":"bool","description_kind":"plain","computed":true},"port":{"type":"number","description_kind":"plain","required":true},"ssl":{"type":"bool","description_kind":"plain","optional":true},"test_integration":{"type":"bool","description":"Whether to test the integration of an alert channel upon creation and modification","description_kind":"plain","optional":true},"type_name":{"type":"string","description_kind":"plain","computed":true}},"block_types":{"event_data":{"nesting_mode":"list","block":{"attributes":{"index":{"type":"string","description_kind":"plain","required":true},"source":{"type":"string","description_kind":"plain","required":true}},"description_kind":"plain"},"min_items":1,"max_items":1}},"description_kind":"plain"}},"lacework_alert_channel_victorops":{"version":0,"block":{"attributes":{"created_or_updated_by":{"type":"string","description_kind":"plain","computed":true},"created_or_updated_time":{"type":"string","description_kind":"plain","computed":true},"enabled":{"type":"bool","description_kind":"plain","optional":true},"id":{"type":"string","description_kind":"plain","optional":true,"computed":true},"intg_guid":{"type":"string","description_kind":"plain","computed":true},"name":{"type":"string","description_kind":"plain","required":true},"org_level":{"type":"bool","description_kind":"plain","computed":true},"test_integration":{"type":"bool","description":"Whether to test the integration of an alert channel upon creation and modification","description_kind":"plain","optional":true},"type_name":{"type":"string","description_kind":"plain","computed":true},"webhook_url":{"type":"string","description_kind":"plain","required":true}},"description_kind":"plain"}},"lacework_alert_channel_webhook":{"version":0,"block":{"attributes":{"created_or_updated_by":{"type":"string","description_kind":"plain","computed":true},"created_or_updated_time":{"type":"string","description_kind":"plain","computed":true},"enabled":{"type":"bool","description_kind":"plain","optional":true},"id":{"type":"string","description_kind":"plain","optional":true,"computed":true},"intg_guid":{"type":"string","description_kind":"plain","computed":true},"name":{"type":"string","description_kind":"plain","required":true},"org_level":{"type":"bool","description_kind":"plain","computed":true},"test_integration":{"type":"bool","description":"Whether to test the integration of an alert channel upon creation and modification","description_kind":"plain","optional":true},"type_name":{"type":"string","description_kind":"plain","computed":true},"webhook_url":{"type":"string","description_kind":"plain","required":true}},"description_kind":"plain"}},"lacework_integration_aws_cfg":{"version":0,"block":{"attributes":{"created_or_updated_by":{"type":"string","description_kind":"plain","computed":true},"created_or_updated_time":{"type":"string","description_kind":"plain","computed":true},"enabled":{"type":"bool","description_kind":"plain","optional":true},"id":{"type":"string","description_kind":"plain","optional":true,"computed":true},"intg_guid":{"type":"string","description_kind":"plain","computed":true},"name":{"type":"string","description_kind":"plain","required":true},"org_level":{"type":"bool","description_kind":"plain","computed":true},"retries":{"type":"number","description":"The number of attempts to create the external integration.","description_kind":"plain","optional":true},"type_name":{"type":"string","description_kind":"plain","computed":true}},"block_types":{"credentials":{"nesting_mode":"list","block":{"attributes":{"external_id":{"type":"string","description_kind":"plain","required":true},"role_arn":{"type":"string","description_kind":"plain","required":true}},"description_kind":"plain"},"min_items":1,"max_items":1}},"description_kind":"plain"}},"lacework_integration_aws_ct":{"version":0,"block":{"attributes":{"created_or_updated_by":{"type":"string","description_kind":"plain","computed":true},"created_or_updated_time":{"type":"string","description_kind":"plain","computed":true},"enabled":{"type":"bool","description":"The state of the external integration.","description_kind":"plain","optional":true},"id":{"type":"string","description_kind":"plain","optional":true,"computed":true},"intg_guid":{"type":"string","description_kind":"plain","computed":true},"name":{"type":"string","description":"The integration name.","description_kind":"plain","required":true},"org_level":{"type":"bool","description_kind":"plain","computed":true},"queue_url":{"type":"string","description":"The SQS Queue URL.","description_kind":"plain","required":true},"retries":{"type":"number","description":"The number of attempts to create the external integration.","description_kind":"plain","optional":true},"type_name":{"type":"string","description_kind":"plain","computed":true}},"block_types":{"credentials":{"nesting_mode":"list","block":{"attributes":{"external_id":{"type":"string","description_kind":"plain","required":true},"role_arn":{"type":"string","description_kind":"plain","required":true}},"description":"The credentials needed by the integration.","description_kind":"plain"},"min_items":1,"max_items":1},"org_account_mappings":{"nesting_mode":"list","block":{"attributes":{"default_lacework_account":{"type":"string","description":"The default Lacework account name where any non-mapped AWS account will appear","description_kind":"plain","required":true}},"block_types":{"mapping":{"nesting_mode":"set","block":{"attributes":{"aws_accounts":{"type":["set","string"],"description":"The list of AWS account IDs to map.","description_kind":"plain","required":true},"lacework_account":{"type":"string","description":"The Lacework account name where the CloudTrail activity from the selected AWS accounts will appear.","description_kind":"plain","required":true}},"description":"A map of AWS accounts to Lacework account. This can be specified multiple times to map multiple Lacework accounts.","description_kind":"plain"},"min_items":1}},"description":"Mapping of AWS accounts to Lacework accounts within a Lacework organization.","description_kind":"plain"},"max_items":1}},"description_kind":"plain"}},"lacework_integration_aws_govcloud_cfg":{"version":0,"block":{"attributes":{"account_id":{"type":"string","description":"The AWS Account ID","description_kind":"plain","required":true},"created_or_updated_by":{"type":"string","description_kind":"plain","computed":true},"created_or_updated_time":{"type":"string","description_kind":"plain","computed":true},"enabled":{"type":"bool","description_kind":"plain","optional":true},"id":{"type":"string","description_kind":"plain","optional":true,"computed":true},"intg_guid":{"type":"string","description_kind":"plain","computed":true},"name":{"type":"string","description_kind":"plain","required":true},"org_level":{"type":"bool","description_kind":"plain","computed":true},"retries":{"type":"number","description":"The number of attempts to create the external integration.","description_kind":"plain","optional":true},"type_name":{"type":"string","description_kind":"plain","computed":true}},"block_types":{"credentials":{"nesting_mode":"list","block":{"attributes":{"access_key_id":{"type":"string","description":"The AWS access key ID","description_kind":"plain","required":true},"secret_access_key":{"type":"string","description":"The AWS secret key for the specified AWS access key","description_kind":"plain","required":true,"sensitive":true}},"description_kind":"plain"},"min_items":1,"max_items":1}},"description_kind":"plain"}},"lacework_integration_aws_govcloud_ct":{"version":0,"block":{"attributes":{"account_id":{"type":"string","description":"The AWS Account ID","description_kind":"plain","required":true},"created_or_updated_by":{"type":"string","description_kind":"plain","computed":true},"created_or_updated_time":{"type":"string","description_kind":"plain","computed":true},"enabled":{"type":"bool","description_kind":"plain","optional":true},"id":{"type":"string","description_kind":"plain","optional":true,"computed":true},"intg_guid":{"type":"string","description_kind":"plain","computed":true},"name":{"type":"string","description_kind":"plain","required":true},"org_level":{"type":"bool","description_kind":"plain","computed":true},"queue_url":{"type":"string","description":"The SQS Queue URL.","description_kind":"plain","required":true},"retries":{"type":"number","description":"The number of attempts to create the external integration.","description_kind":"plain","optional":true},"type_name":{"type":"string","description_kind":"plain","computed":true}},"block_types":{"credentials":{"nesting_mode":"list","block":{"attributes":{"access_key_id":{"type":"string","description":"The AWS access key ID","description_kind":"plain","required":true},"secret_access_key":{"type":"string","description":"The AWS secret key for the specified AWS access key","description_kind":"plain","required":true,"sensitive":true}},"description_kind":"plain"},"min_items":1,"max_items":1}},"description_kind":"plain"}},"lacework_integration_azure_al":{"version":0,"block":{"attributes":{"created_or_updated_by":{"type":"string","description_kind":"plain","computed":true},"created_or_updated_time":{"type":"string","description_kind":"plain","computed":true},"enabled":{"type":"bool","description_kind":"plain","optional":true},"id":{"type":"string","description_kind":"plain","optional":true,"computed":true},"intg_guid":{"type":"string","description_kind":"plain","computed":true},"name":{"type":"string","description_kind":"plain","required":true},"org_level":{"type":"bool","description_kind":"plain","computed":true},"queue_url":{"type":"string","description_kind":"plain","required":true},"retries":{"type":"number","description":"The number of attempts to create the external integration.","description_kind":"plain","optional":true},"tenant_id":{"type":"string","description_kind":"plain","required":true},"type_name":{"type":"string","description_kind":"plain","computed":true}},"block_types":{"credentials":{"nesting_mode":"list","block":{"attributes":{"client_id":{"type":"string","description_kind":"plain","required":true},"client_secret":{"type":"string","description_kind":"plain","required":true,"sensitive":true}},"description_kind":"plain"},"min_items":1,"max_items":1}},"description_kind":"plain"}},"lacework_integration_azure_cfg":{"version":0,"block":{"attributes":{"created_or_updated_by":{"type":"string","description_kind":"plain","computed":true},"created_or_updated_time":{"type":"string","description_kind":"plain","computed":true},"enabled":{"type":"bool","description_kind":"plain","optional":true},"id":{"type":"string","description_kind":"plain","optional":true,"computed":true},"intg_guid":{"type":"string","description_kind":"plain","computed":true},"name":{"type":"string","description_kind":"plain","required":true},"org_level":{"type":"bool","description_kind":"plain","computed":true},"retries":{"type":"number","description":"The number of attempts to create the external integration.","description_kind":"plain","optional":true},"tenant_id":{"type":"string","description_kind":"plain","required":true},"type_name":{"type":"string","description_kind":"plain","computed":true}},"block_types":{"credentials":{"nesting_mode":"list","block":{"attributes":{"client_id":{"type":"string","description_kind":"plain","required":true},"client_secret":{"type":"string","description_kind":"plain","required":true,"sensitive":true}},"description_kind":"plain"},"min_items":1,"max_items":1}},"description_kind":"plain"}},"lacework_integration_docker_hub":{"version":0,"block":{"attributes":{"created_or_updated_by":{"type":"string","description_kind":"plain","computed":true},"created_or_updated_time":{"type":"string","description_kind":"plain","computed":true},"enabled":{"type":"bool","description":"The state of the external integration","description_kind":"plain","optional":true},"id":{"type":"string","description_kind":"plain","optional":true,"computed":true},"intg_guid":{"type":"string","description_kind":"plain","computed":true},"limit_by_label":{"type":"string","description":"A comma-separated list of image labels to limit the assessment of images with matching labels","description_kind":"plain","deprecated":true,"optional":true},"limit_by_labels":{"type":["map","string"],"description":"A key based map of labels to limit the assessment of images with matching key:value labels","description_kind":"plain","optional":true},"limit_by_repos":{"type":"string","description":"A comma-separated list of repositories to assess","description_kind":"plain","deprecated":true,"optional":true},"limit_by_repositories":{"type":["list","string"],"description":"A list of repositories to assess","description_kind":"plain","optional":true},"limit_by_tag":{"type":"string","description":"A comma-separated list of image tags to limit the assessment of images with matching tags","description_kind":"plain","deprecated":true,"optional":true},"limit_by_tags":{"type":["list","string"],"description":"A list of image tags to limit the assessment of images with matching tags","description_kind":"plain","optional":true},"limit_num_imgs":{"type":"number","description":"The maximum number of newest container images to assess per repository","description_kind":"plain","optional":true},"name":{"type":"string","description":"The Docker Hub integration name","description_kind":"plain","required":true},"non_os_package_support":{"type":"bool","description":"Enable program language scanning","description_kind":"plain","optional":true},"org_level":{"type":"bool","description_kind":"plain","computed":true},"password":{"type":"string","description":"The password for the specified Docker Hub user","description_kind":"plain","required":true,"sensitive":true},"type_name":{"type":"string","description_kind":"plain","computed":true},"username":{"type":"string","description":"The Docker user that has at least read-only permissions to the Docker Hub container repositories","description_kind":"plain","required":true}},"description_kind":"plain"}},"lacework_integration_docker_v2":{"version":0,"block":{"attributes":{"created_or_updated_by":{"type":"string","description_kind":"plain","computed":true},"created_or_updated_time":{"type":"string","description_kind":"plain","computed":true},"enabled":{"type":"bool","description_kind":"plain","optional":true},"id":{"type":"string","description_kind":"plain","optional":true,"computed":true},"intg_guid":{"type":"string","description_kind":"plain","computed":true},"limit_by_label":{"type":"string","description":"A comma-separated list of image labels to limit the assessment of images with matching labels","description_kind":"plain","deprecated":true,"optional":true},"limit_by_labels":{"type":["map","string"],"description":"A key based map of labels to limit the assessment of images with matching key:value labels","description_kind":"plain","optional":true},"limit_by_tag":{"type":"string","description":"A comma-separated list of image tags to limit the assessment of images with matching tags","description_kind":"plain","deprecated":true,"optional":true},"limit_by_tags":{"type":["list","string"],"description":"A list of image tags to limit the assessment of images with matching tags","description_kind":"plain","optional":true},"name":{"type":"string","description_kind":"plain","required":true},"non_os_package_support":{"type":"bool","description":"Enable program language scanning","description_kind":"plain","optional":true},"org_level":{"type":"bool","description_kind":"plain","computed":true},"password":{"type":"string","description_kind":"plain","required":true,"sensitive":true},"registry_domain":{"type":"string","description_kind":"plain","required":true},"ssl":{"type":"bool","description_kind":"plain","optional":true},"type_name":{"type":"string","description_kind":"plain","computed":true},"username":{"type":"string","description_kind":"plain","required":true}},"description_kind":"plain"}},"lacework_integration_ecr":{"version":0,"block":{"attributes":{"aws_auth_type":{"type":"string","description":"Authentication method of the ECR integration","description_kind":"plain","computed":true},"created_or_updated_by":{"type":"string","description_kind":"plain","computed":true},"created_or_updated_time":{"type":"string","description_kind":"plain","computed":true},"enabled":{"type":"bool","description":"The state of the external integration","description_kind":"plain","optional":true},"id":{"type":"string","description_kind":"plain","optional":true,"computed":true},"intg_guid":{"type":"string","description_kind":"plain","computed":true},"limit_by_label":{"type":"string","description":"A comma-separated list of image labels to limit the assessment of images with matching labels","description_kind":"plain","deprecated":true,"optional":true},"limit_by_labels":{"type":["map","string"],"description":"A key based map of labels to limit the assessment of images with matching key:value labels","description_kind":"plain","optional":true},"limit_by_repos":{"type":"string","description":"A comma-separated list of repositories to assess","description_kind":"plain","deprecated":true,"optional":true},"limit_by_repositories":{"type":["list","string"],"description":"A list of repositories to assess","description_kind":"plain","optional":true},"limit_by_tag":{"type":"string","description":"A comma-separated list of image tags to limit the assessment of images with matching tags","description_kind":"plain","deprecated":true,"optional":true},"limit_by_tags":{"type":["list","string"],"description":"A list of image tags to limit the assessment of images with matching tags","description_kind":"plain","optional":true},"limit_num_imgs":{"type":"number","description":"The maximum number of newest container images to assess per repository","description_kind":"plain","optional":true},"name":{"type":"string","description":"The ECR integration name","description_kind":"plain","required":true},"org_level":{"type":"bool","description":"Wheter or not this integration is configured at the Organization level","description_kind":"plain","computed":true},"registry_domain":{"type":"string","description":"The Amazon Container Registry (ECR) domain","description_kind":"plain","required":true},"type_name":{"type":"string","description_kind":"plain","computed":true}},"block_types":{"credentials":{"nesting_mode":"list","block":{"attributes":{"access_key_id":{"type":"string","description":"The AWS access key ID for an AWS IAM user that permissions to access the Amazon Container Registry","description_kind":"plain","optional":true},"external_id":{"type":"string","description":"The external ID for the IAM role","description_kind":"plain","optional":true},"role_arn":{"type":"string","description":"The ARN of the IAM role with permissions to access the Amazon Container Registry","description_kind":"plain","optional":true},"secret_access_key":{"type":"string","description":"The AWS secret key for the specified AWS access key","description_kind":"plain","optional":true,"sensitive":true}},"description":"The credentials needed by the integration","description_kind":"plain"},"min_items":1,"max_items":1}},"description_kind":"plain"}},"lacework_integration_gar":{"version":0,"block":{"attributes":{"created_or_updated_by":{"type":"string","description_kind":"plain","computed":true},"created_or_updated_time":{"type":"string","description_kind":"plain","computed":true},"enabled":{"type":"bool","description_kind":"plain","optional":true},"id":{"type":"string","description_kind":"plain","optional":true,"computed":true},"intg_guid":{"type":"string","description_kind":"plain","computed":true},"limit_by_repositories":{"type":["list","string"],"description":"A list of repositories to assess","description_kind":"plain","optional":true},"limit_by_tags":{"type":["list","string"],"description":"A list of image tags to limit the assessment of images with matching tags","description_kind":"plain","optional":true},"limit_num_imgs":{"type":"number","description":"The maximum number of newest container images to assess per repository.","description_kind":"plain","optional":true},"name":{"type":"string","description_kind":"plain","required":true},"org_level":{"type":"bool","description_kind":"plain","computed":true},"registry_domain":{"type":"string","description_kind":"plain","required":true},"type_name":{"type":"string","description_kind":"plain","computed":true}},"block_types":{"credentials":{"nesting_mode":"list","block":{"attributes":{"client_email":{"type":"string","description_kind":"plain","required":true},"client_id":{"type":"string","description_kind":"plain","required":true},"private_key":{"type":"string","description_kind":"plain","required":true,"sensitive":true},"private_key_id":{"type":"string","description_kind":"plain","required":true}},"description_kind":"plain"},"min_items":1,"max_items":1},"limit_by_label":{"nesting_mode":"set","block":{"attributes":{"key":{"type":"string","description_kind":"plain","required":true},"value":{"type":"string","description_kind":"plain","required":true}},"description":"A list of key/value labels to limit the assessment of images","description_kind":"plain"}}},"description_kind":"plain"}},"lacework_integration_gcp_at":{"version":0,"block":{"attributes":{"created_or_updated_by":{"type":"string","description_kind":"plain","computed":true},"created_or_updated_time":{"type":"string","description_kind":"plain","computed":true},"enabled":{"type":"bool","description_kind":"plain","optional":true},"id":{"type":"string","description_kind":"plain","optional":true,"computed":true},"intg_guid":{"type":"string","description_kind":"plain","computed":true},"name":{"type":"string","description_kind":"plain","required":true},"org_level":{"type":"bool","description_kind":"plain","computed":true},"resource_id":{"type":"string","description_kind":"plain","required":true},"resource_level":{"type":"string","description_kind":"plain","optional":true},"retries":{"type":"number","description":"The number of attempts to create the external integration.","description_kind":"plain","optional":true},"subscription":{"type":"string","description_kind":"plain","required":true},"type_name":{"type":"string","description_kind":"plain","computed":true}},"block_types":{"credentials":{"nesting_mode":"list","block":{"attributes":{"client_email":{"type":"string","description_kind":"plain","required":true},"client_id":{"type":"string","description_kind":"plain","required":true},"private_key":{"type":"string","description_kind":"plain","required":true,"sensitive":true},"private_key_id":{"type":"string","description_kind":"plain","required":true}},"description_kind":"plain"},"min_items":1,"max_items":1}},"description_kind":"plain"}},"lacework_integration_gcp_cfg":{"version":0,"block":{"attributes":{"created_or_updated_by":{"type":"string","description_kind":"plain","computed":true},"created_or_updated_time":{"type":"string","description_kind":"plain","computed":true},"enabled":{"type":"bool","description_kind":"plain","optional":true},"id":{"type":"string","description_kind":"plain","optional":true,"computed":true},"intg_guid":{"type":"string","description_kind":"plain","computed":true},"name":{"type":"string","description_kind":"plain","required":true},"org_level":{"type":"bool","description_kind":"plain","computed":true},"resource_id":{"type":"string","description_kind":"plain","required":true},"resource_level":{"type":"string","description_kind":"plain","optional":true},"retries":{"type":"number","description":"The number of attempts to create the external integration.","description_kind":"plain","optional":true},"type_name":{"type":"string","description_kind":"plain","computed":true}},"block_types":{"credentials":{"nesting_mode":"list","block":{"attributes":{"client_email":{"type":"string","description_kind":"plain","required":true},"client_id":{"type":"string","description_kind":"plain","required":true},"private_key":{"type":"string","description_kind":"plain","required":true,"sensitive":true},"private_key_id":{"type":"string","description_kind":"plain","required":true}},"description_kind":"plain"},"min_items":1,"max_items":1}},"description_kind":"plain"}},"lacework_integration_gcr":{"version":0,"block":{"attributes":{"created_or_updated_by":{"type":"string","description_kind":"plain","computed":true},"created_or_updated_time":{"type":"string","description_kind":"plain","computed":true},"enabled":{"type":"bool","description_kind":"plain","optional":true},"id":{"type":"string","description_kind":"plain","optional":true,"computed":true},"intg_guid":{"type":"string","description_kind":"plain","computed":true},"limit_by_label":{"type":"string","description":"A comma-separated list of image labels to limit the assessment of images with matching labels","description_kind":"plain","deprecated":true,"optional":true},"limit_by_labels":{"type":["map","string"],"description":"A key based map of labels to limit the assessment of images with matching key:value labels","description_kind":"plain","optional":true},"limit_by_repos":{"type":"string","description":"A comma-separated list of repositories to assess","description_kind":"plain","deprecated":true,"optional":true},"limit_by_repositories":{"type":["list","string"],"description":"A list of repositories to assess","description_kind":"plain","optional":true},"limit_by_tag":{"type":"string","description":"A comma-separated list of image tags to limit the assessment of images with matching tags","description_kind":"plain","deprecated":true,"optional":true},"limit_by_tags":{"type":["list","string"],"description":"A list of image tags to limit the assessment of images with matching tags","description_kind":"plain","optional":true},"limit_num_imgs":{"type":"number","description_kind":"plain","optional":true},"name":{"type":"string","description_kind":"plain","required":true},"non_os_package_support":{"type":"bool","description":"Enable program language scanning","description_kind":"plain","optional":true},"org_level":{"type":"bool","description_kind":"plain","computed":true},"registry_domain":{"type":"string","description_kind":"plain","required":true},"type_name":{"type":"string","description_kind":"plain","computed":true}},"block_types":{"credentials":{"nesting_mode":"list","block":{"attributes":{"client_email":{"type":"string","description_kind":"plain","required":true},"client_id":{"type":"string","description_kind":"plain","required":true},"private_key":{"type":"string","description_kind":"plain","required":true,"sensitive":true},"private_key_id":{"type":"string","description_kind":"plain","required":true}},"description_kind":"plain"},"min_items":1,"max_items":1}},"description_kind":"plain"}},"lacework_integration_ghcr":{"version":0,"block":{"attributes":{"created_or_updated_by":{"type":"string","description_kind":"plain","computed":true},"created_or_updated_time":{"type":"string","description_kind":"plain","computed":true},"enabled":{"type":"bool","description":"The state of the external integration","description_kind":"plain","optional":true},"id":{"type":"string","description_kind":"plain","optional":true,"computed":true},"intg_guid":{"type":"string","description_kind":"plain","computed":true},"limit_by_repositories":{"type":["list","string"],"description":"A list of repositories to assess","description_kind":"plain","optional":true},"limit_by_tags":{"type":["list","string"],"description":"A list of image tags to limit the assessment of images with matching tags","description_kind":"plain","optional":true},"limit_num_imgs":{"type":"number","description":"The maximum number of newest container images to assess per repository.","description_kind":"plain","optional":true},"name":{"type":"string","description":"The integration name","description_kind":"plain","required":true},"org_level":{"type":"bool","description_kind":"plain","computed":true},"password":{"type":"string","description":"The Github personal access token with read:packages","description_kind":"plain","required":true,"sensitive":true},"registry_domain":{"type":"string","description_kind":"plain","computed":true},"registry_notifications":{"type":"bool","description":"Subscribe to Registry Notifications","description_kind":"plain","optional":true},"ssl":{"type":"bool","description":"Enable or disable SSL communication","description_kind":"plain","optional":true},"type_name":{"type":"string","description_kind":"plain","computed":true},"username":{"type":"string","description":"The username with permissions to pull the images from the container registry","description_kind":"plain","required":true}},"block_types":{"limit_by_label":{"nesting_mode":"set","block":{"attributes":{"key":{"type":"string","description_kind":"plain","required":true},"value":{"type":"string","description_kind":"plain","required":true}},"description":"A list of key/value labels to limit the assessment of images","description_kind":"plain"}}},"description_kind":"plain"}},"lacework_resource_group_aws":{"version":0,"block":{"attributes":{"accounts":{"type":["list","string"],"description":"The list of AWS accounts to include in the resource group","description_kind":"plain","required":true},"description":{"type":"string","description":"The description of the resource group","description_kind":"plain","optional":true},"enabled":{"type":"bool","description":"The state of the resource group","description_kind":"plain","optional":true},"id":{"type":"string","description":"The resource group unique identifier","description_kind":"plain","computed":true},"is_default":{"type":"bool","description":"Whether the resource group is a default resource group.","description_kind":"plain","computed":true},"lacework_account_id":{"type":"string","description":"The lacework account id","description_kind":"plain","computed":true},"last_updated":{"type":"string","description":"The time in millis when the resource was last updated","description_kind":"plain","computed":true},"name":{"type":"string","description":"The resource group name","description_kind":"plain","required":true},"type":{"type":"string","description":"The type of the resource group","description_kind":"plain","computed":true},"updated_by":{"type":"string","description":"The username of the lacework user who performed the last update","description_kind":"plain","computed":true}},"description_kind":"plain"}},"lacework_resource_group_azure":{"version":0,"block":{"attributes":{"description":{"type":"string","description":"The description of the resource group","description_kind":"plain","optional":true},"enabled":{"type":"bool","description":"The state of the resource group","description_kind":"plain","optional":true},"id":{"type":"string","description":"The resource group unique identifier","description_kind":"plain","computed":true},"is_default":{"type":"bool","description":"Whether the resource group is a default resource group.","description_kind":"plain","computed":true},"lacework_account_id":{"type":"string","description":"The lacework account id","description_kind":"plain","computed":true},"last_updated":{"type":"string","description":"The time in millis when the resource was last updated","description_kind":"plain","computed":true},"name":{"type":"string","description":"The resource group name","description_kind":"plain","required":true},"subscriptions":{"type":["list","string"],"description":"The list of Azure subscription id's to include in the resource group","description_kind":"plain","required":true},"tenant":{"type":"string","description":"The Azure tenant id","description_kind":"plain","required":true},"type":{"type":"string","description":"The type of the resource group","description_kind":"plain","computed":true},"updated_by":{"type":"string","description":"The username of the lacework user who performed the last update","description_kind":"plain","computed":true}},"description_kind":"plain"}},"lacework_resource_group_gcp":{"version":0,"block":{"attributes":{"description":{"type":"string","description":"The description of the resource group","description_kind":"plain","optional":true},"enabled":{"type":"bool","description":"The state of the resource group","description_kind":"plain","optional":true},"id":{"type":"string","description":"The resource group unique identifier","description_kind":"plain","computed":true},"is_default":{"type":"bool","description":"Whether the resource group is a default resource group.","description_kind":"plain","computed":true},"lacework_account_id":{"type":"string","description":"The lacework account id","description_kind":"plain","computed":true},"last_updated":{"type":"string","description":"The time in millis when the resource was last updated","description_kind":"plain","computed":true},"name":{"type":"string","description":"The resource group name","description_kind":"plain","required":true},"organization":{"type":"string","description":"The GCP organization id","description_kind":"plain","required":true},"projects":{"type":["list","string"],"description":"The list of GCP project id's to include in the resource group","description_kind":"plain","required":true},"type":{"type":"string","description":"The type of the resource group","description_kind":"plain","computed":true},"updated_by":{"type":"string","description":"The username of the lacework user who performed the last update","description_kind":"plain","computed":true}},"description_kind":"plain"}}},"data_source_schemas":{"lacework_agent_access_token":{"version":0,"block":{"attributes":{"id":{"type":"string","description_kind":"plain","optional":true,"computed":true},"name":{"type":"string","description_kind":"plain","required":true},"token":{"type":"string","description_kind":"plain","computed":true,"sensitive":true}},"description_kind":"plain"}},"lacework_api_token":{"version":0,"block":{"attributes":{"id":{"type":"string","description_kind":"plain","optional":true,"computed":true},"token":{"type":"string","description_kind":"plain","computed":true,"sensitive":true}},"description_kind":"plain"}}}}}}
