{"format_version":"0.2","provider_schemas":{"registry.terraform.io/llnw/limelight":{"provider":{"version":0,"block":{"attributes":{"api_key":{"type":"string","description":"The API key to be used for authenticating with the Limelight Networks Configuration API","description_kind":"plain","required":true,"sensitive":true},"config_api_base_url":{"type":"string","description":"The base URL for the Limelight Networks Configuration API (trailing / should be omitted)","description_kind":"plain","optional":true},"edgefunctions_api_base_url":{"type":"string","description":"The base URL for the Limelight Networks EdgeFunctions API (trailing / should be omitted)","description_kind":"plain","optional":true},"username":{"type":"string","description":"The username to be used for authenticating with the Limelight Networks Configuration API","description_kind":"plain","required":true}},"description_kind":"plain"}},"resource_schemas":{"limelight_delivery":{"version":0,"block":{"attributes":{"id":{"type":"string","description_kind":"plain","optional":true,"computed":true},"published_hostname":{"type":"string","description_kind":"plain","required":true},"published_path":{"type":"string","description_kind":"plain","required":true},"service_profile":{"type":"string","description_kind":"plain","optional":true},"shortname":{"type":"string","description_kind":"plain","required":true},"source_hostname":{"type":"string","description_kind":"plain","required":true},"source_path":{"type":"string","description_kind":"plain","required":true},"version_number":{"type":"number","description_kind":"plain","computed":true}},"block_types":{"protocol_set":{"nesting_mode":"list","block":{"attributes":{"published_protocol":{"type":"string","description_kind":"plain","required":true},"source_port":{"type":"number","description_kind":"plain","optional":true},"source_protocol":{"type":"string","description_kind":"plain","required":true}},"block_types":{"option":{"nesting_mode":"list","block":{"attributes":{"name":{"type":"string","description_kind":"plain","required":true},"parameters":{"type":["list","string"],"description_kind":"plain","optional":true}},"description_kind":"plain"}}},"description_kind":"plain"},"min_items":1,"max_items":2}},"description_kind":"plain"}},"limelight_edgefunction":{"version":0,"block":{"attributes":{"can_debug":{"type":"bool","description_kind":"plain","optional":true},"description":{"type":"string","description_kind":"plain","optional":true},"function_archive":{"type":"string","description_kind":"plain","required":true},"function_sha256":{"type":"string","description_kind":"plain","required":true},"handler":{"type":"string","description_kind":"plain","required":true},"id":{"type":"string","description_kind":"plain","optional":true,"computed":true},"memory":{"type":"number","description_kind":"plain","optional":true},"name":{"type":"string","description_kind":"plain","required":true},"reserved_concurrency":{"type":"number","description_kind":"plain","optional":true},"revision_id":{"type":"number","description_kind":"plain","computed":true},"runtime":{"type":"string","description_kind":"plain","required":true},"shortname":{"type":"string","description_kind":"plain","required":true},"timeout":{"type":"number","description_kind":"plain","optional":true}},"block_types":{"environment_variable":{"nesting_mode":"set","block":{"attributes":{"name":{"type":"string","description_kind":"plain","required":true},"value":{"type":"string","description_kind":"plain","required":true}},"description_kind":"plain"}}},"description_kind":"plain"}},"limelight_edgefunction_alias":{"version":0,"block":{"attributes":{"description":{"type":"string","description_kind":"plain","optional":true},"function_name":{"type":"string","description_kind":"plain","required":true},"function_version":{"type":"string","description_kind":"plain","required":true},"id":{"type":"string","description_kind":"plain","optional":true,"computed":true},"name":{"type":"string","description_kind":"plain","required":true},"revision_id":{"type":"number","description_kind":"plain","computed":true},"shortname":{"type":"string","description_kind":"plain","required":true}},"description_kind":"plain"}}},"data_source_schemas":{"limelight_ip_ranges":{"version":0,"block":{"attributes":{"id":{"type":"string","description_kind":"plain","optional":true,"computed":true},"ip_ranges":{"type":["list","string"],"description_kind":"plain","computed":true},"version":{"type":"number","description_kind":"plain","computed":true}},"description_kind":"plain"}}}}}}
