{"format_version":"0.2","provider_schemas":{"registry.terraform.io/logicmonitor/logicmonitor":{"provider":{"version":0,"block":{"attributes":{"api_id":{"type":"string","description_kind":"plain","required":true},"api_key":{"type":"string","description_kind":"plain","required":true},"company":{"type":"string","description_kind":"plain","required":true}},"description_kind":"plain"}},"resource_schemas":{"logicmonitor_collector":{"version":0,"block":{"attributes":{"backup_collector_id":{"type":"number","description_kind":"plain","optional":true},"collector_group_id":{"type":"number","description_kind":"plain","optional":true},"description":{"type":"string","description_kind":"plain","optional":true},"enable_collector_device_failover":{"type":"bool","description_kind":"plain","optional":true},"enable_failback":{"type":"bool","description_kind":"plain","optional":true},"escalation_chain_id":{"type":"number","description_kind":"plain","optional":true},"id":{"type":"string","description_kind":"plain","optional":true,"computed":true},"properties":{"type":["map","string"],"description_kind":"plain","optional":true},"resend_interval":{"type":"number","description_kind":"plain","optional":true},"suppress_alert_clear":{"type":"bool","description_kind":"plain","optional":true}},"description_kind":"plain"}},"logicmonitor_collector_group":{"version":0,"block":{"attributes":{"description":{"type":"string","description_kind":"plain","optional":true},"id":{"type":"string","description_kind":"plain","optional":true,"computed":true},"name":{"type":"string","description_kind":"plain","optional":true},"properties":{"type":["map","string"],"description_kind":"plain","optional":true}},"description_kind":"plain"}},"logicmonitor_dashboard":{"version":0,"block":{"attributes":{"description":{"type":"string","description_kind":"plain","optional":true},"group_id":{"type":"number","description_kind":"plain","optional":true},"id":{"type":"string","description_kind":"plain","optional":true,"computed":true},"name":{"type":"string","description_kind":"plain","required":true},"public":{"type":"bool","description_kind":"plain","optional":true},"template":{"type":"string","description_kind":"plain","optional":true},"widget_tokens":{"type":["map","string"],"description_kind":"plain","optional":true}},"description_kind":"plain"}},"logicmonitor_dashboard_group":{"version":0,"block":{"attributes":{"description":{"type":"string","description_kind":"plain","optional":true},"force_delete":{"type":"bool","description_kind":"plain","optional":true},"id":{"type":"string","description_kind":"plain","optional":true,"computed":true},"name":{"type":"string","description_kind":"plain","required":true},"parent_id":{"type":"number","description_kind":"plain","optional":true},"template":{"type":"string","description_kind":"plain","optional":true},"widget_tokens":{"type":["map","string"],"description_kind":"plain","optional":true}},"description_kind":"plain"}},"logicmonitor_device":{"version":0,"block":{"attributes":{"collector":{"type":"number","description_kind":"plain","required":true},"description":{"type":"string","description_kind":"plain","optional":true},"disable_alerting":{"type":"bool","description_kind":"plain","optional":true},"display_name":{"type":"string","description_kind":"plain","optional":true},"hostgroup_id":{"type":"string","description_kind":"plain","optional":true},"id":{"type":"string","description_kind":"plain","optional":true,"computed":true},"ip_addr":{"type":"string","description_kind":"plain","required":true},"properties":{"type":["map","string"],"description_kind":"plain","optional":true},"type":{"type":"string","description_kind":"plain","optional":true}},"description_kind":"plain"}},"logicmonitor_device_group":{"version":0,"block":{"attributes":{"applies_to":{"type":"string","description_kind":"plain","optional":true},"description":{"type":"string","description_kind":"plain","optional":true},"disable_alerting":{"type":"bool","description_kind":"plain","optional":true},"id":{"type":"string","description_kind":"plain","optional":true,"computed":true},"name":{"type":"string","description_kind":"plain","required":true},"parent_id":{"type":"number","description_kind":"plain","optional":true},"properties":{"type":["map","string"],"description_kind":"plain","optional":true}},"description_kind":"plain"}}},"data_source_schemas":{"logicmonitor_collectors":{"version":0,"block":{"attributes":{"id":{"type":"string","description_kind":"plain","optional":true,"computed":true},"most_recent":{"type":"bool","description_kind":"plain","optional":true},"offset":{"type":"number","description_kind":"plain","optional":true},"size":{"type":"number","description_kind":"plain","optional":true}},"block_types":{"filters":{"nesting_mode":"set","block":{"attributes":{"custom_property_name":{"type":"string","description_kind":"plain","optional":true},"custom_property_value":{"type":"string","description_kind":"plain","optional":true},"operator":{"type":"string","description_kind":"plain","optional":true},"property":{"type":"string","description_kind":"plain","optional":true},"value":{"type":"string","description_kind":"plain","optional":true}},"description_kind":"plain"}}},"description_kind":"plain"}},"logicmonitor_dashboard":{"version":0,"block":{"attributes":{"id":{"type":"string","description_kind":"plain","optional":true,"computed":true},"offset":{"type":"number","description_kind":"plain","optional":true},"size":{"type":"number","description_kind":"plain","optional":true}},"block_types":{"filters":{"nesting_mode":"set","block":{"attributes":{"custom_property_name":{"type":"string","description_kind":"plain","optional":true},"custom_property_value":{"type":"string","description_kind":"plain","optional":true},"operator":{"type":"string","description_kind":"plain","optional":true},"property":{"type":"string","description_kind":"plain","optional":true},"value":{"type":"string","description_kind":"plain","optional":true}},"description_kind":"plain"}}},"description_kind":"plain"}},"logicmonitor_dashboard_group":{"version":0,"block":{"attributes":{"id":{"type":"string","description_kind":"plain","optional":true,"computed":true},"offset":{"type":"number","description_kind":"plain","optional":true},"size":{"type":"number","description_kind":"plain","optional":true}},"block_types":{"filters":{"nesting_mode":"set","block":{"attributes":{"custom_property_name":{"type":"string","description_kind":"plain","optional":true},"custom_property_value":{"type":"string","description_kind":"plain","optional":true},"operator":{"type":"string","description_kind":"plain","optional":true},"property":{"type":"string","description_kind":"plain","optional":true},"value":{"type":"string","description_kind":"plain","optional":true}},"description_kind":"plain"}}},"description_kind":"plain"}},"logicmonitor_device_group":{"version":0,"block":{"attributes":{"id":{"type":"string","description_kind":"plain","optional":true,"computed":true},"offset":{"type":"number","description_kind":"plain","optional":true},"size":{"type":"number","description_kind":"plain","optional":true}},"block_types":{"filters":{"nesting_mode":"set","block":{"attributes":{"custom_property_name":{"type":"string","description_kind":"plain","optional":true},"custom_property_value":{"type":"string","description_kind":"plain","optional":true},"operator":{"type":"string","description_kind":"plain","optional":true},"property":{"type":"string","description_kind":"plain","optional":true},"value":{"type":"string","description_kind":"plain","optional":true}},"description_kind":"plain"}}},"description_kind":"plain"}}}}}}
