{"format_version":"0.2","provider_schemas":{"registry.terraform.io/logzio/logzio":{"provider":{"version":0,"block":{"attributes":{"api_token":{"type":"string","description":"Your API token","description_kind":"plain","required":true,"sensitive":true},"region":{"type":"string","description":"Your logz.io region","description_kind":"plain","optional":true}},"description_kind":"plain"}},"resource_schemas":{"logzio_alert":{"version":0,"block":{"attributes":{"alert_notification_endpoints":{"type":["list","number"],"description_kind":"plain","required":true},"description":{"type":"string","description_kind":"plain","optional":true},"filter":{"type":"string","description_kind":"plain","optional":true},"group_by_aggregation_fields":{"type":["list","string"],"description_kind":"plain","optional":true},"id":{"type":"string","description_kind":"plain","optional":true,"computed":true},"is_enabled":{"type":"bool","description_kind":"plain","optional":true},"notification_emails":{"type":["list","string"],"description_kind":"plain","required":true},"operation":{"type":"string","description_kind":"plain","optional":true},"query_string":{"type":"string","description_kind":"plain","required":true},"search_timeframe_minutes":{"type":"number","description_kind":"plain","required":true},"suppress_notifications_minutes":{"type":"number","description_kind":"plain","optional":true},"tags":{"type":["list","string"],"description_kind":"plain","optional":true},"title":{"type":"string","description_kind":"plain","required":true},"value_aggregation_field":{"type":"string","description_kind":"plain","optional":true},"value_aggregation_type":{"type":"string","description_kind":"plain","required":true}},"block_types":{"severity_threshold_tiers":{"nesting_mode":"list","block":{"attributes":{"severity":{"type":"string","description_kind":"plain","required":true},"threshold":{"type":"number","description_kind":"plain","required":true}},"description_kind":"plain"},"min_items":1}},"description_kind":"plain"}},"logzio_alert_v2":{"version":0,"block":{"attributes":{"alert_notification_endpoints":{"type":["list","number"],"description_kind":"plain","optional":true},"correlation_operator":{"type":"string","description_kind":"plain","optional":true},"created_at":{"type":"string","description_kind":"plain","computed":true},"created_by":{"type":"string","description_kind":"plain","computed":true},"description":{"type":"string","description_kind":"plain","optional":true},"id":{"type":"string","description_kind":"plain","optional":true,"computed":true},"is_enabled":{"type":"bool","description_kind":"plain","optional":true},"joins":{"type":["list",["map","string"]],"description_kind":"plain","optional":true},"notification_emails":{"type":["list","string"],"description_kind":"plain","optional":true},"output_type":{"type":"string","description_kind":"plain","optional":true},"search_timeframe_minutes":{"type":"number","description_kind":"plain","required":true},"suppress_notifications_minutes":{"type":"number","description_kind":"plain","optional":true},"tags":{"type":["list","string"],"description_kind":"plain","optional":true},"title":{"type":"string","description_kind":"plain","required":true},"updated_at":{"type":"string","description_kind":"plain","computed":true},"updated_by":{"type":"string","description_kind":"plain","computed":true}},"block_types":{"sub_components":{"nesting_mode":"list","block":{"attributes":{"account_ids_to_query_on":{"type":["list","number"],"description_kind":"plain","optional":true},"filter_must":{"type":"string","description_kind":"plain","optional":true},"filter_must_not":{"type":"string","description_kind":"plain","optional":true},"group_by_aggregation_fields":{"type":["list","string"],"description_kind":"plain","optional":true},"operation":{"type":"string","description_kind":"plain","optional":true},"query_string":{"type":"string","description_kind":"plain","required":true},"should_query_on_all_accounts":{"type":"bool","description_kind":"plain","optional":true},"value_aggregation_field":{"type":"string","description_kind":"plain","optional":true},"value_aggregation_type":{"type":"string","description_kind":"plain","required":true}},"block_types":{"columns":{"nesting_mode":"list","block":{"attributes":{"field_name":{"type":"string","description_kind":"plain","optional":true},"regex":{"type":"string","description_kind":"plain","optional":true},"sort":{"type":"string","description_kind":"plain","optional":true}},"description_kind":"plain"}},"severity_threshold_tiers":{"nesting_mode":"set","block":{"attributes":{"severity":{"type":"string","description_kind":"plain","required":true},"threshold":{"type":"number","description_kind":"plain","required":true}},"description_kind":"plain"},"min_items":1}},"description_kind":"plain"},"min_items":1},"timeouts":{"nesting_mode":"single","block":{"attributes":{"create":{"type":"string","description_kind":"plain","optional":true},"update":{"type":"string","description_kind":"plain","optional":true}},"description_kind":"plain"}}},"description_kind":"plain"}},"logzio_archive_logs":{"version":0,"block":{"attributes":{"archive_id":{"type":"number","description_kind":"plain","computed":true},"compressed":{"type":"bool","description_kind":"plain","optional":true},"enabled":{"type":"bool","description_kind":"plain","optional":true},"id":{"type":"string","description_kind":"plain","optional":true,"computed":true},"storage_type":{"type":"string","description_kind":"plain","required":true}},"block_types":{"amazon_s3_storage_settings":{"nesting_mode":"list","block":{"attributes":{"credentials_type":{"type":"string","description_kind":"plain","required":true},"s3_external_id":{"type":"string","description_kind":"plain","computed":true},"s3_iam_credentials_arn":{"type":"string","description_kind":"plain","optional":true},"s3_path":{"type":"string","description_kind":"plain","required":true}},"block_types":{"s3_secret_credentials":{"nesting_mode":"list","block":{"attributes":{"access_key":{"type":"string","description_kind":"plain","required":true},"secret_key":{"type":"string","description_kind":"plain","required":true}},"description_kind":"plain"},"max_items":1}},"description_kind":"plain"},"max_items":1},"azure_blob_storage_settings":{"nesting_mode":"list","block":{"attributes":{"account_name":{"type":"string","description_kind":"plain","required":true},"blob_path":{"type":"string","description_kind":"plain","optional":true},"client_id":{"type":"string","description_kind":"plain","required":true},"client_secret":{"type":"string","description_kind":"plain","required":true},"container_name":{"type":"string","description_kind":"plain","required":true},"tenant_id":{"type":"string","description_kind":"plain","required":true}},"description_kind":"plain"},"max_items":1},"timeouts":{"nesting_mode":"single","block":{"attributes":{"create":{"type":"string","description_kind":"plain","optional":true},"delete":{"type":"string","description_kind":"plain","optional":true},"update":{"type":"string","description_kind":"plain","optional":true}},"description_kind":"plain"}}},"description_kind":"plain"}},"logzio_authentication_groups":{"version":0,"block":{"attributes":{"id":{"type":"string","description_kind":"plain","optional":true,"computed":true},"manage_groups_id":{"type":"number","description_kind":"plain","computed":true}},"block_types":{"authentication_group":{"nesting_mode":"set","block":{"attributes":{"group":{"type":"string","description_kind":"plain","required":true},"user_role":{"type":"string","description_kind":"plain","required":true}},"description_kind":"plain"},"min_items":1},"timeouts":{"nesting_mode":"single","block":{"attributes":{"create":{"type":"string","description_kind":"plain","optional":true},"delete":{"type":"string","description_kind":"plain","optional":true},"update":{"type":"string","description_kind":"plain","optional":true}},"description_kind":"plain"}}},"description_kind":"plain"}},"logzio_drop_filter":{"version":0,"block":{"attributes":{"active":{"type":"bool","description_kind":"plain","optional":true,"computed":true},"drop_filter_id":{"type":"string","description_kind":"plain","optional":true,"computed":true},"id":{"type":"string","description_kind":"plain","optional":true,"computed":true},"log_type":{"type":"string","description_kind":"plain","optional":true}},"block_types":{"field_conditions":{"nesting_mode":"list","block":{"attributes":{"field_name":{"type":"string","description_kind":"plain","required":true},"value":{"type":"string","description_kind":"plain","required":true}},"description_kind":"plain"},"min_items":1},"timeouts":{"nesting_mode":"single","block":{"attributes":{"create":{"type":"string","description_kind":"plain","optional":true},"delete":{"type":"string","description_kind":"plain","optional":true},"update":{"type":"string","description_kind":"plain","optional":true}},"description_kind":"plain"}}},"description_kind":"plain"}},"logzio_endpoint":{"version":0,"block":{"attributes":{"description":{"type":"string","description_kind":"plain","optional":true},"endpoint_id":{"type":"number","description_kind":"plain","computed":true},"endpoint_type":{"type":"string","description_kind":"plain","required":true},"id":{"type":"string","description_kind":"plain","optional":true,"computed":true},"title":{"type":"string","description_kind":"plain","required":true}},"block_types":{"bigpanda":{"nesting_mode":"set","block":{"attributes":{"api_token":{"type":"string","description_kind":"plain","required":true},"app_key":{"type":"string","description_kind":"plain","required":true}},"description_kind":"plain"},"max_items":1},"custom":{"nesting_mode":"set","block":{"attributes":{"body_template":{"type":"string","description_kind":"plain","optional":true},"headers":{"type":["map","string"],"description_kind":"plain","optional":true},"method":{"type":"string","description_kind":"plain","required":true},"url":{"type":"string","description_kind":"plain","required":true}},"description_kind":"plain"},"max_items":1},"datadog":{"nesting_mode":"set","block":{"attributes":{"api_key":{"type":"string","description_kind":"plain","required":true}},"description_kind":"plain"},"max_items":1},"microsoftteams":{"nesting_mode":"set","block":{"attributes":{"url":{"type":"string","description_kind":"plain","required":true}},"description_kind":"plain"},"max_items":1},"opsgenie":{"nesting_mode":"set","block":{"attributes":{"api_key":{"type":"string","description_kind":"plain","required":true}},"description_kind":"plain"},"max_items":1},"pagerduty":{"nesting_mode":"set","block":{"attributes":{"service_key":{"type":"string","description_kind":"plain","required":true}},"description_kind":"plain"},"max_items":1},"servicenow":{"nesting_mode":"set","block":{"attributes":{"password":{"type":"string","description_kind":"plain","required":true},"url":{"type":"string","description_kind":"plain","required":true},"username":{"type":"string","description_kind":"plain","required":true}},"description_kind":"plain"},"max_items":1},"slack":{"nesting_mode":"set","block":{"attributes":{"url":{"type":"string","description_kind":"plain","required":true}},"description_kind":"plain"},"max_items":1},"timeouts":{"nesting_mode":"single","block":{"attributes":{"create":{"type":"string","description_kind":"plain","optional":true},"delete":{"type":"string","description_kind":"plain","optional":true},"update":{"type":"string","description_kind":"plain","optional":true}},"description_kind":"plain"}},"victorops":{"nesting_mode":"set","block":{"attributes":{"message_type":{"type":"string","description_kind":"plain","required":true},"routing_key":{"type":"string","description_kind":"plain","required":true},"service_api_key":{"type":"string","description_kind":"plain","required":true}},"description_kind":"plain"},"max_items":1}},"description_kind":"plain"}},"logzio_log_shipping_token":{"version":0,"block":{"attributes":{"created_at":{"type":"number","description_kind":"plain","computed":true},"created_by":{"type":"string","description_kind":"plain","computed":true},"enabled":{"type":"bool","description_kind":"plain","optional":true,"computed":true},"id":{"type":"string","description_kind":"plain","optional":true,"computed":true},"name":{"type":"string","description_kind":"plain","required":true},"token":{"type":"string","description_kind":"plain","computed":true},"token_id":{"type":"number","description_kind":"plain","computed":true},"updated_at":{"type":"number","description_kind":"plain","computed":true},"updated_by":{"type":"string","description_kind":"plain","computed":true}},"block_types":{"timeouts":{"nesting_mode":"single","block":{"attributes":{"create":{"type":"string","description_kind":"plain","optional":true},"delete":{"type":"string","description_kind":"plain","optional":true},"update":{"type":"string","description_kind":"plain","optional":true}},"description_kind":"plain"}}},"description_kind":"plain"}},"logzio_restore_logs":{"version":0,"block":{"attributes":{"account_id":{"type":"number","description_kind":"plain","computed":true},"account_name":{"type":"string","description_kind":"plain","required":true},"created_at":{"type":"number","description_kind":"plain","computed":true},"end_time":{"type":"number","description_kind":"plain","required":true},"expires_at":{"type":"number","description_kind":"plain","computed":true},"finished_at":{"type":"number","description_kind":"plain","computed":true},"id":{"type":"string","description_kind":"plain","optional":true,"computed":true},"restore_operation_id":{"type":"number","description_kind":"plain","computed":true},"restored_volume_gb":{"type":"number","description_kind":"plain","computed":true},"start_time":{"type":"number","description_kind":"plain","required":true},"started_at":{"type":"number","description_kind":"plain","computed":true},"status":{"type":"string","description_kind":"plain","computed":true}},"block_types":{"timeouts":{"nesting_mode":"single","block":{"attributes":{"create":{"type":"string","description_kind":"plain","optional":true},"delete":{"type":"string","description_kind":"plain","optional":true},"update":{"type":"string","description_kind":"plain","optional":true}},"description_kind":"plain"}}},"description_kind":"plain"}},"logzio_subaccount":{"version":0,"block":{"attributes":{"accessible":{"type":"bool","description_kind":"plain","optional":true},"account_id":{"type":"number","description_kind":"plain","computed":true},"account_name":{"type":"string","description_kind":"plain","required":true},"account_token":{"type":"string","description_kind":"plain","computed":true},"doc_size_setting":{"type":"bool","description_kind":"plain","optional":true},"email":{"type":"string","description_kind":"plain","required":true},"flexible":{"type":"bool","description_kind":"plain","optional":true},"frequency_minutes":{"type":"number","description_kind":"plain","optional":true},"id":{"type":"string","description_kind":"plain","optional":true,"computed":true},"max_daily_gb":{"type":"number","description_kind":"plain","optional":true},"reserved_daily_gb":{"type":"number","description_kind":"plain","optional":true},"retention_days":{"type":"number","description_kind":"plain","required":true},"searchable":{"type":"bool","description_kind":"plain","optional":true},"sharing_objects_accounts":{"type":["list","number"],"description_kind":"plain","optional":true,"computed":true},"utilization_enabled":{"type":"bool","description_kind":"plain","optional":true},"utilization_settings":{"type":["map","string"],"description_kind":"plain","optional":true}},"block_types":{"timeouts":{"nesting_mode":"single","block":{"attributes":{"create":{"type":"string","description_kind":"plain","optional":true},"delete":{"type":"string","description_kind":"plain","optional":true},"update":{"type":"string","description_kind":"plain","optional":true}},"description_kind":"plain"}}},"description_kind":"plain"}},"logzio_user":{"version":0,"block":{"attributes":{"account_id":{"type":"number","description_kind":"plain","required":true},"active":{"type":"bool","description_kind":"plain","optional":true},"fullname":{"type":"string","description_kind":"plain","required":true},"id":{"type":"string","description_kind":"plain","optional":true,"computed":true},"roles":{"type":["list","number"],"description_kind":"plain","required":true},"username":{"type":"string","description_kind":"plain","required":true}},"description_kind":"plain"}}},"data_source_schemas":{"logzio_alert":{"version":0,"block":{"attributes":{"alert_notification_endpoints":{"type":["list","number"],"description_kind":"plain","computed":true},"description":{"type":"string","description_kind":"plain","computed":true},"filter":{"type":"string","description_kind":"plain","computed":true},"group_by_aggregation_fields":{"type":["list","string"],"description_kind":"plain","computed":true},"id":{"type":"number","description_kind":"plain","optional":true},"is_enabled":{"type":"bool","description_kind":"plain","computed":true},"notification_emails":{"type":["list","string"],"description_kind":"plain","computed":true},"operation":{"type":"string","description_kind":"plain","computed":true},"query_string":{"type":"string","description_kind":"plain","computed":true},"search_timeframe_minutes":{"type":"number","description_kind":"plain","computed":true},"severity_threshold_tiers":{"type":["list",["object",{"severity":"string","threshold":"number"}]],"description_kind":"plain","computed":true},"suppress_notifications_minutes":{"type":"number","description_kind":"plain","computed":true},"tags":{"type":["list","string"],"description_kind":"plain","computed":true},"title":{"type":"string","description_kind":"plain","optional":true},"value_aggregation_field":{"type":"string","description_kind":"plain","computed":true},"value_aggregation_type":{"type":"string","description_kind":"plain","computed":true}},"description_kind":"plain"}},"logzio_alert_v2":{"version":0,"block":{"attributes":{"alert_notification_endpoints":{"type":["list","number"],"description_kind":"plain","computed":true},"correlation_operator":{"type":"string","description_kind":"plain","computed":true},"created_at":{"type":"number","description_kind":"plain","computed":true},"created_by":{"type":"string","description_kind":"plain","computed":true},"description":{"type":"string","description_kind":"plain","computed":true},"id":{"type":"number","description_kind":"plain","optional":true},"is_enabled":{"type":"bool","description_kind":"plain","computed":true},"joins":{"type":["list",["map","string"]],"description_kind":"plain","computed":true},"notification_emails":{"type":["list","string"],"description_kind":"plain","computed":true},"output_type":{"type":"string","description_kind":"plain","computed":true},"search_timeframe_minutes":{"type":"number","description_kind":"plain","computed":true},"sub_components":{"type":["list",["object",{"account_ids_to_query_on":["list","number"],"columns":["list",["object",{"field_name":"string","regex":"string","sort":"string"}]],"filter_must":"string","filter_must_not":"string","group_by_aggregation_fields":["list","string"],"operation":"string","query_string":"string","severity_threshold_tiers":["list",["object",{"severity":"string","threshold":"number"}]],"should_query_on_all_accounts":"bool","value_aggregation_field":"string","value_aggregation_type":"string"}]],"description_kind":"plain","computed":true},"suppress_notifications_minutes":{"type":"number","description_kind":"plain","computed":true},"tags":{"type":["list","string"],"description_kind":"plain","computed":true},"title":{"type":"string","description_kind":"plain","optional":true},"updated_at":{"type":"number","description_kind":"plain","computed":true},"updated_by":{"type":"string","description_kind":"plain","computed":true}},"description_kind":"plain"}},"logzio_archive_logs":{"version":0,"block":{"attributes":{"amazon_s3_storage_settings":{"type":["list",["object",{"credentials_type":"string","s3_external_id":"string","s3_iam_credentials_arn":"string","s3_path":"string","s3_secret_credentials":["list",["object",{"access_key":"string","secret_key":"string"}]]}]],"description_kind":"plain","computed":true},"archive_id":{"type":"number","description_kind":"plain","optional":true},"azure_blob_storage_settings":{"type":["list",["object",{"account_name":"string","blob_path":"string","client_id":"string","client_secret":"string","container_name":"string","tenant_id":"string"}]],"description_kind":"plain","computed":true},"compressed":{"type":"bool","description_kind":"plain","computed":true},"enabled":{"type":"bool","description_kind":"plain","computed":true},"id":{"type":"string","description_kind":"plain","optional":true,"computed":true},"storage_type":{"type":"string","description_kind":"plain","computed":true}},"description_kind":"plain"}},"logzio_authentication_groups":{"version":0,"block":{"attributes":{"authentication_group":{"type":["list",["object",{"group":"string","user_role":"string"}]],"description_kind":"plain","computed":true},"id":{"type":"string","description_kind":"plain","optional":true,"computed":true}},"description_kind":"plain"}},"logzio_drop_filter":{"version":0,"block":{"attributes":{"active":{"type":"bool","description_kind":"plain","computed":true},"drop_filter_id":{"type":"string","description_kind":"plain","optional":true,"computed":true},"id":{"type":"string","description_kind":"plain","optional":true,"computed":true},"log_type":{"type":"string","description_kind":"plain","optional":true,"computed":true}},"block_types":{"field_conditions":{"nesting_mode":"list","block":{"attributes":{"field_name":{"type":"string","description_kind":"plain","optional":true,"computed":true},"value":{"type":"string","description_kind":"plain","optional":true,"computed":true}},"description_kind":"plain"}}},"description_kind":"plain"}},"logzio_endpoint":{"version":0,"block":{"attributes":{"endpoint_type":{"type":"string","description_kind":"plain","optional":true},"id":{"type":"number","description_kind":"plain","optional":true},"title":{"type":"string","description_kind":"plain","optional":true}},"description_kind":"plain"}},"logzio_log_shipping_token":{"version":0,"block":{"attributes":{"created_at":{"type":"number","description_kind":"plain","computed":true},"created_by":{"type":"string","description_kind":"plain","computed":true},"enabled":{"type":"bool","description_kind":"plain","optional":true},"id":{"type":"number","description_kind":"plain","optional":true},"name":{"type":"string","description_kind":"plain","optional":true},"token":{"type":"string","description_kind":"plain","computed":true},"updated_at":{"type":"number","description_kind":"plain","computed":true},"updated_by":{"type":"string","description_kind":"plain","computed":true}},"description_kind":"plain"}},"logzio_restore_logs":{"version":0,"block":{"attributes":{"account_id":{"type":"number","description_kind":"plain","computed":true},"account_name":{"type":"string","description_kind":"plain","computed":true},"created_at":{"type":"number","description_kind":"plain","computed":true},"end_time":{"type":"number","description_kind":"plain","computed":true},"expires_at":{"type":"number","description_kind":"plain","computed":true},"finished_at":{"type":"number","description_kind":"plain","computed":true},"id":{"type":"string","description_kind":"plain","optional":true,"computed":true},"restore_operation_id":{"type":"number","description_kind":"plain","optional":true},"restored_volume_gb":{"type":"number","description_kind":"plain","computed":true},"start_time":{"type":"number","description_kind":"plain","computed":true},"started_at":{"type":"number","description_kind":"plain","computed":true},"status":{"type":"string","description_kind":"plain","computed":true}},"block_types":{"timeouts":{"nesting_mode":"single","block":{"attributes":{"read":{"type":"string","description_kind":"plain","optional":true}},"description_kind":"plain"}}},"description_kind":"plain"}},"logzio_subaccount":{"version":0,"block":{"attributes":{"account_id":{"type":"number","description_kind":"plain","optional":true},"account_name":{"type":"string","description_kind":"plain","optional":true},"account_token":{"type":"string","description_kind":"plain","optional":true},"doc_size_setting":{"type":"bool","description_kind":"plain","optional":true},"email":{"type":"string","description_kind":"plain","optional":true},"flexible":{"type":"bool","description_kind":"plain","optional":true},"frequency_minutes":{"type":"number","description_kind":"plain","optional":true},"id":{"type":"string","description_kind":"plain","optional":true,"computed":true},"max_daily_gb":{"type":"number","description_kind":"plain","optional":true},"reserved_daily_gb":{"type":"number","description_kind":"plain","optional":true},"retention_days":{"type":"number","description_kind":"plain","optional":true},"searchable":{"type":"bool","description_kind":"plain","optional":true},"sharing_objects_accounts":{"type":["set","number"],"description_kind":"plain","optional":true},"utilization_enabled":{"type":"bool","description_kind":"plain","optional":true}},"block_types":{"timeouts":{"nesting_mode":"single","block":{"attributes":{"read":{"type":"string","description_kind":"plain","optional":true}},"description_kind":"plain"}}},"description_kind":"plain"}},"logzio_user":{"version":0,"block":{"attributes":{"account_id":{"type":"number","description_kind":"plain","computed":true},"active":{"type":"bool","description_kind":"plain","computed":true},"fullname":{"type":"string","description_kind":"plain","computed":true},"id":{"type":"number","description_kind":"plain","optional":true},"roles":{"type":["list","number"],"description_kind":"plain","computed":true},"username":{"type":"string","description_kind":"plain","optional":true}},"description_kind":"plain"}}}}}}
