{"format_version":"0.2","provider_schemas":{"registry.terraform.io/metalsoft-io/metalcloud":{"provider":{"version":0,"block":{"attributes":{"api_key":{"type":"string","description":"API Key used to authenticate with the service provider","description_kind":"plain","optional":true},"endpoint":{"type":"string","description":"The URL to the API","description_kind":"plain","optional":true},"logging":{"type":"bool","description":"Enable logging","description_kind":"plain","optional":true},"oauth_token_url":{"type":"string","description":"Oauth token URL","description_kind":"plain","optional":true},"user_email":{"type":"string","description":"User email","description_kind":"plain","optional":true},"user_id":{"type":"string","description":"User id","description_kind":"plain","optional":true},"user_secret":{"type":"string","description":"User secret","description_kind":"plain","optional":true}},"description_kind":"plain"}},"resource_schemas":{"metalcloud_infrastructure":{"version":0,"block":{"attributes":{"allow_data_loss":{"type":"bool","description_kind":"plain","optional":true},"attempt_soft_shutdown":{"type":"bool","description_kind":"plain","optional":true},"await_delete_finished":{"type":"bool","description_kind":"plain","optional":true},"await_deploy_finished":{"type":"bool","description_kind":"plain","optional":true},"datacenter_name":{"type":"string","description_kind":"plain","optional":true},"hard_shutdown_after_timeout":{"type":"bool","description_kind":"plain","optional":true},"id":{"type":"string","description_kind":"plain","optional":true,"computed":true},"infrastructure_custom_variables":{"type":["map","string"],"description_kind":"plain","optional":true},"infrastructure_label":{"type":"string","description_kind":"plain","required":true},"keep_detaching_drives":{"type":"bool","description_kind":"plain","optional":true},"prevent_deploy":{"type":"bool","description_kind":"plain","optional":true},"skip_ansible":{"type":"bool","description_kind":"plain","optional":true},"soft_shutdown_timeout_seconds":{"type":"number","description_kind":"plain","optional":true}},"block_types":{"instance_array":{"nesting_mode":"set","block":{"attributes":{"instance_array_additional_wan_ipv4_json":{"type":"string","description_kind":"plain","optional":true},"instance_array_boot_method":{"type":"string","description_kind":"plain","optional":true},"instance_array_custom_variables":{"type":["map","string"],"description_kind":"plain","optional":true},"instance_array_disk_count":{"type":"number","description_kind":"plain","optional":true},"instance_array_disk_size_mbytes":{"type":"number","description_kind":"plain","optional":true},"instance_array_firewall_managed":{"type":"bool","description_kind":"plain","optional":true},"instance_array_id":{"type":"number","description_kind":"plain","optional":true,"computed":true},"instance_array_instance_count":{"type":"number","description_kind":"plain","required":true},"instance_array_label":{"type":"string","description_kind":"plain","required":true},"instance_array_processor_core_count":{"type":"number","description_kind":"plain","optional":true},"instance_array_processor_core_mhz":{"type":"number","description_kind":"plain","optional":true},"instance_array_processor_count":{"type":"number","description_kind":"plain","optional":true},"instance_array_ram_gbytes":{"type":"number","description_kind":"plain","optional":true},"instances":{"type":"string","description_kind":"plain","optional":true,"computed":true},"volume_template_id":{"type":"number","description_kind":"plain","optional":true}},"block_types":{"drive_array":{"nesting_mode":"set","block":{"attributes":{"drive_array_id":{"type":"number","description_kind":"plain","optional":true,"computed":true},"drive_array_label":{"type":"string","description_kind":"plain","required":true},"drive_array_storage_type":{"type":"string","description_kind":"plain","required":true},"drive_size_mbytes_default":{"type":"number","description_kind":"plain","optional":true},"instance_array_id":{"type":"number","description_kind":"plain","optional":true,"computed":true},"volume_template_id":{"type":"number","description_kind":"plain","optional":true}},"description_kind":"plain"}},"firewall_rule":{"nesting_mode":"set","block":{"attributes":{"firewall_rule_description":{"type":"string","description_kind":"plain","optional":true},"firewall_rule_destination_ip_address_range_end":{"type":"string","description_kind":"plain","optional":true},"firewall_rule_destination_ip_address_range_start":{"type":"string","description_kind":"plain","optional":true},"firewall_rule_enabled":{"type":"bool","description_kind":"plain","optional":true},"firewall_rule_ip_address_type":{"type":"string","description_kind":"plain","optional":true},"firewall_rule_port_range_end":{"type":"number","description_kind":"plain","optional":true},"firewall_rule_port_range_start":{"type":"number","description_kind":"plain","optional":true},"firewall_rule_protocol":{"type":"string","description_kind":"plain","optional":true},"firewall_rule_source_ip_address_range_end":{"type":"string","description_kind":"plain","optional":true},"firewall_rule_source_ip_address_range_start":{"type":"string","description_kind":"plain","optional":true}},"description_kind":"plain"}},"instance_custom_variables":{"nesting_mode":"list","block":{"attributes":{"custom_variables":{"type":["map","string"],"description_kind":"plain","required":true},"instance_index":{"type":"number","description_kind":"plain","required":true}},"description_kind":"plain"}},"interface":{"nesting_mode":"set","block":{"attributes":{"interface_index":{"type":"number","description_kind":"plain","required":true},"network_id":{"type":"number","description_kind":"plain","optional":true,"computed":true},"network_label":{"type":"string","description_kind":"plain","required":true}},"description_kind":"plain"}}},"description_kind":"plain"}},"network":{"nesting_mode":"set","block":{"attributes":{"network_id":{"type":"number","description_kind":"plain","optional":true,"computed":true},"network_label":{"type":"string","description_kind":"plain","required":true},"network_lan_autoallocate_ips":{"type":"bool","description_kind":"plain","optional":true},"network_type":{"type":"string","description_kind":"plain","required":true}},"description_kind":"plain"}},"shared_drive":{"nesting_mode":"set","block":{"attributes":{"shared_drive_attached_instance_arrays":{"type":["list","string"],"description_kind":"plain","optional":true},"shared_drive_has_gfs":{"type":"bool","description_kind":"plain","optional":true},"shared_drive_id":{"type":"number","description_kind":"plain","optional":true,"computed":true},"shared_drive_label":{"type":"string","description_kind":"plain","required":true},"shared_drive_size_mbytes":{"type":"number","description_kind":"plain","required":true},"shared_drive_storage_type":{"type":"string","description_kind":"plain","optional":true}},"description_kind":"plain"}},"timeouts":{"nesting_mode":"single","block":{"attributes":{"create":{"type":"string","description_kind":"plain","optional":true},"update":{"type":"string","description_kind":"plain","optional":true}},"description_kind":"plain"}}},"description_kind":"plain"}}},"data_source_schemas":{"metalcloud_volume_template":{"version":0,"block":{"attributes":{"id":{"type":"string","description_kind":"plain","optional":true,"computed":true},"volume_template_id":{"type":"number","description_kind":"plain","computed":true},"volume_template_label":{"type":"string","description_kind":"plain","required":true}},"description_kind":"plain"}}}}}}
