{"format_version":"0.2","provider_schemas":{"registry.terraform.io/mypurecloud/genesyscloud":{"provider":{"version":0,"block":{"attributes":{"aws_region":{"type":"string","description":"AWS region where org exists. e.g. us-east-1. Can be set with the `GENESYSCLOUD_REGION` environment variable.","description_kind":"markdown","required":true},"oauthclient_id":{"type":"string","description":"OAuthClient ID found on the OAuth page of Admin UI. Can be set with the `GENESYSCLOUD_OAUTHCLIENT_ID` environment variable.","description_kind":"markdown","required":true},"oauthclient_secret":{"type":"string","description":"OAuthClient secret found on the OAuth page of Admin UI. Can be set with the `GENESYSCLOUD_OAUTHCLIENT_SECRET` environment variable.","description_kind":"markdown","required":true,"sensitive":true},"sdk_debug":{"type":"bool","description":"Enables debug tracing in the Genesys Cloud SDK.","description_kind":"markdown","optional":true},"token_pool_size":{"type":"number","description":"Max number of OAuth tokens in the token pool. Can be set with the `GENESYSCLOUD_TOKEN_POOL_SIZE` environment variable.","description_kind":"markdown","optional":true}},"description_kind":"plain"}},"resource_schemas":{"genesyscloud_architect_datatable":{"version":1,"block":{"attributes":{"description":{"type":"string","description":"Description of the datatable.","description_kind":"markdown","optional":true},"id":{"type":"string","description_kind":"plain","optional":true,"computed":true},"name":{"type":"string","description":"Name of the datatable.","description_kind":"markdown","required":true}},"block_types":{"properties":{"nesting_mode":"list","block":{"attributes":{"default":{"type":"string","description":"Default value of the property. This is converted to the proper type for non-strings (e.g. set 'true' or 'false' for booleans).","description_kind":"markdown","optional":true},"name":{"type":"string","description":"Name of the property.","description_kind":"markdown","required":true},"title":{"type":"string","description":"Display title of the property.","description_kind":"markdown","optional":true},"type":{"type":"string","description":"Type of the property (boolean | string | integer | number).","description_kind":"markdown","required":true}},"description":"Schema properties of the datatable. This must at a minimum contain a string property 'key' that will serve as the row key.","description_kind":"markdown"},"min_items":1}},"description":"Genesys Cloud Architect Datatables","description_kind":"markdown"}},"genesyscloud_architect_datatable_row":{"version":1,"block":{"attributes":{"datatable_id":{"type":"string","description":"Datatable ID that contains this row. If this is changed, a new row is created.","description_kind":"markdown","required":true},"id":{"type":"string","description_kind":"plain","optional":true,"computed":true},"key_value":{"type":"string","description":"Value for this row's key. If this is changed, a new row is created.","description_kind":"markdown","required":true},"properties_json":{"type":"string","description":"JSON object containing properties and values for this row. Defaults will be set for missing properties.","description_kind":"markdown","optional":true,"computed":true}},"description":"Genesys Cloud Architect Datatable Row","description_kind":"markdown"}},"genesyscloud_auth_division":{"version":1,"block":{"attributes":{"description":{"type":"string","description":"Division description.","description_kind":"markdown","optional":true},"home":{"type":"bool","description":"True if this is the home division. This can be set to manage the pre-existing home division.","description_kind":"markdown","optional":true},"id":{"type":"string","description_kind":"plain","optional":true,"computed":true},"name":{"type":"string","description":"Division name.","description_kind":"markdown","required":true}},"description":"Genesys Cloud Authorization Division","description_kind":"markdown"}},"genesyscloud_auth_role":{"version":1,"block":{"attributes":{"default_role_id":{"type":"string","description":"Internal ID for an existing default role, e.g. 'employee'. This can be set to manage permissions on existing default roles.","description_kind":"markdown","optional":true},"description":{"type":"string","description":"Role description.","description_kind":"markdown","optional":true},"id":{"type":"string","description_kind":"plain","optional":true,"computed":true},"name":{"type":"string","description":"Role name. This cannot be modified for default roles.","description_kind":"markdown","required":true},"permissions":{"type":["set","string"],"description":"General role permissions. e.g. 'group_creation'","description_kind":"markdown","optional":true}},"block_types":{"permission_policies":{"nesting_mode":"set","block":{"attributes":{"action_set":{"type":["set","string"],"description":"Actions allowed on the entity or '*' for all. e.g. 'add'","description_kind":"markdown","required":true},"domain":{"type":"string","description":"Permission domain. e.g 'directory'","description_kind":"markdown","required":true},"entity_name":{"type":"string","description":"Permission entity or '*' for all. e.g. 'user'","description_kind":"markdown","required":true}},"block_types":{"conditions":{"nesting_mode":"list","block":{"attributes":{"conjunction":{"type":"string","description":"Conjunction for condition terms (AND | OR).","description_kind":"markdown","required":true}},"block_types":{"terms":{"nesting_mode":"set","block":{"attributes":{"operator":{"type":"string","description":"Operator type (EQ | IN | GE | GT | LE | LT).","description_kind":"markdown","required":true},"variable_name":{"type":"string","description":"Variable name being compared. This varies depending on the permission.","description_kind":"markdown","required":true}},"block_types":{"operands":{"nesting_mode":"set","block":{"attributes":{"queue_id":{"type":"string","description":"Queue ID for QUEUE types.","description_kind":"markdown","optional":true},"type":{"type":"string","description":"Value type (USER | QUEUE | SCALAR | VARIABLE).","description_kind":"markdown","required":true},"user_id":{"type":"string","description":"User ID for USER types.","description_kind":"markdown","optional":true},"value":{"type":"string","description":"Value for operand. For USER or QUEUE types, use user_id or queue_id instead.","description_kind":"markdown","optional":true}},"description":"Operands for this condition.","description_kind":"markdown"},"min_items":1}},"description":"Terms of the condition.","description_kind":"markdown"},"min_items":1}},"description":"Conditions specific to this resource. This is only applicable to some permission types.","description_kind":"markdown"},"max_items":1}},"description":"Role permission policies.","description_kind":"markdown"}}},"description":"Genesys Cloud Authorization Role","description_kind":"markdown"}},"genesyscloud_group":{"version":1,"block":{"attributes":{"description":{"type":"string","description":"Group description.","description_kind":"markdown","optional":true},"id":{"type":"string","description_kind":"plain","optional":true,"computed":true},"member_ids":{"type":["set","string"],"description":"IDs of members assigned to the group. If not set, this resource will not manage group members.","description_kind":"markdown","optional":true,"computed":true},"name":{"type":"string","description":"Group name.","description_kind":"markdown","required":true},"owner_ids":{"type":["set","string"],"description":"IDs of owners of the group.","description_kind":"markdown","optional":true},"rules_visible":{"type":"bool","description":"Are membership rules visible to the person requesting to view the group. Defaults to `true`.","description_kind":"markdown","optional":true},"type":{"type":"string","description":"Group type (official | social). This cannot be modified. Defaults to `official`.","description_kind":"markdown","optional":true},"visibility":{"type":"string","description":"Who can view this group (public | owners | members). Defaults to `public`.","description_kind":"markdown","optional":true}},"block_types":{"addresses":{"nesting_mode":"set","block":{"attributes":{"extension":{"type":"string","description":"Phone extension.","description_kind":"markdown","optional":true},"number":{"type":"string","description":"Phone number for this contact type.","description_kind":"markdown","required":true},"type":{"type":"string","description":"Contact type of the address. (GROUPRING | GROUPPHONE)","description_kind":"markdown","required":true}},"description":"Contact numbers for this group.","description_kind":"markdown"}}},"description":"Genesys Cloud Directory Group","description_kind":"markdown"}},"genesyscloud_group_roles":{"version":1,"block":{"attributes":{"group_id":{"type":"string","description":"Group ID that will be managed by this resource.","description_kind":"markdown","required":true},"id":{"type":"string","description_kind":"plain","optional":true,"computed":true}},"block_types":{"roles":{"nesting_mode":"set","block":{"attributes":{"division_ids":{"type":["set","string"],"description":"Division IDs applied to this resource. If not set, the home division will be used. '*' may be set for all divisions.","description_kind":"markdown","optional":true,"computed":true},"role_id":{"type":"string","description":"Role ID.","description_kind":"markdown","required":true}},"description":"Roles and their divisions assigned to this group.","description_kind":"markdown"}}},"description":"Genesys Cloud Group Roles maintains group role assignments.","description_kind":"markdown"}},"genesyscloud_idp_adfs":{"version":1,"block":{"attributes":{"certificates":{"type":["set","string"],"description":"PEM or DER encoded public X.509 certificates for SAML signature validation.","description_kind":"markdown","required":true},"disabled":{"type":"bool","description":"True if ADFS is disabled. Defaults to `false`.","description_kind":"markdown","optional":true},"id":{"type":"string","description_kind":"plain","optional":true,"computed":true},"issuer_uri":{"type":"string","description":"Issuer URI provided by ADFS.","description_kind":"markdown","required":true},"relying_party_identifier":{"type":"string","description":"String used to identify Genesys Cloud to ADFS.","description_kind":"markdown","optional":true},"target_uri":{"type":"string","description":"Target URI provided by ADFS.","description_kind":"markdown","optional":true}},"description":"Genesys Cloud Single Sign-on ADFS Identity Provider. See this page for detailed configuration instructions: https://help.mypurecloud.com/articles/add-microsoft-adfs-single-sign-provider/","description_kind":"markdown"}},"genesyscloud_idp_generic":{"version":1,"block":{"attributes":{"certificates":{"type":["set","string"],"description":"PEM or DER encoded public X.509 certificates for SAML signature validation.","description_kind":"markdown","required":true},"disabled":{"type":"bool","description":"True if Generic provider is disabled. Defaults to `false`.","description_kind":"markdown","optional":true},"endpoint_compression":{"type":"bool","description":"True if the Genesys Cloud authentication request should be compressed. Defaults to `false`.","description_kind":"markdown","optional":true},"id":{"type":"string","description_kind":"plain","optional":true,"computed":true},"issuer_uri":{"type":"string","description":"Issuer URI provided by the provider.","description_kind":"markdown","required":true},"logo_image_data":{"type":"string","description":"Base64 encoded SVG image.","description_kind":"markdown","optional":true},"name":{"type":"string","description":"Name of the provider.","description_kind":"markdown","required":true},"name_identifier_format":{"type":"string","description":"SAML name identifier format. (urn:oasis:names:tc:SAML:1.1:nameid-format:unspecified | urn:oasis:names:tc:SAML:1.1:nameid-format:emailAddress | urn:oasis:names:tc:SAML:1.1:nameid-format:X509SubjectName | urn:oasis:names:tc:SAML:1.1:nameid-format:WindowsDomainQualifiedName | urn:oasis:names:tc:SAML:2.0:nameid-format:kerberos | urn:oasis:names:tc:SAML:2.0:nameid-format:entity | urn:oasis:names:tc:SAML:2.0:nameid-format:persistent | urn:oasis:names:tc:SAML:2.0:nameid-format:transient) Defaults to `urn:oasis:names:tc:SAML:1.1:nameid-format:unspecified`.","description_kind":"markdown","optional":true},"relying_party_identifier":{"type":"string","description":"String used to identify Genesys Cloud to the identity provider.","description_kind":"markdown","optional":true},"target_uri":{"type":"string","description":"Target URI provided by the provider.","description_kind":"markdown","optional":true}},"description":"Genesys Cloud Single Sign-on Generic Identity Provider. See this page for detailed configuration instructions: https://help.mypurecloud.com/articles/add-a-generic-single-sign-on-provider/","description_kind":"markdown"}},"genesyscloud_idp_gsuite":{"version":1,"block":{"attributes":{"certificates":{"type":["set","string"],"description":"PEM or DER encoded public X.509 certificates for SAML signature validation.","description_kind":"markdown","required":true},"disabled":{"type":"bool","description":"True if GSuite is disabled. Defaults to `false`.","description_kind":"markdown","optional":true},"id":{"type":"string","description_kind":"plain","optional":true,"computed":true},"issuer_uri":{"type":"string","description":"Issuer URI provided by GSuite.","description_kind":"markdown","required":true},"relying_party_identifier":{"type":"string","description":"String used to identify Genesys Cloud to GSuite.","description_kind":"markdown","optional":true},"target_uri":{"type":"string","description":"Target URI provided by GSuite.","description_kind":"markdown","optional":true}},"description":"Genesys Cloud Single Sign-on GSuite Identity Provider. See this page for detailed configuration instructions: https://help.mypurecloud.com/articles/add-google-g-suite-single-sign-provider/","description_kind":"markdown"}},"genesyscloud_idp_okta":{"version":1,"block":{"attributes":{"certificates":{"type":["set","string"],"description":"PEM or DER encoded public X.509 certificates for SAML signature validation.","description_kind":"markdown","required":true},"disabled":{"type":"bool","description":"True if Okta is disabled. Defaults to `false`.","description_kind":"markdown","optional":true},"id":{"type":"string","description_kind":"plain","optional":true,"computed":true},"issuer_uri":{"type":"string","description":"Issuer URI provided by Okta.","description_kind":"markdown","required":true},"target_uri":{"type":"string","description":"Target URI provided by Okta.","description_kind":"markdown","optional":true}},"description":"Genesys Cloud Single Sign-on Okta Identity Provider. See this page for detailed configuration instructions: https://help.mypurecloud.com/articles/add-okta-as-a-single-sign-on-provider/","description_kind":"markdown"}},"genesyscloud_idp_onelogin":{"version":1,"block":{"attributes":{"certificates":{"type":["set","string"],"description":"PEM or DER encoded public X.509 certificates for SAML signature validation.","description_kind":"markdown","required":true},"disabled":{"type":"bool","description":"True if OneLogin is disabled. Defaults to `false`.","description_kind":"markdown","optional":true},"id":{"type":"string","description_kind":"plain","optional":true,"computed":true},"issuer_uri":{"type":"string","description":"Issuer URI provided by OneLogin.","description_kind":"markdown","required":true},"target_uri":{"type":"string","description":"Target URI provided by OneLogin.","description_kind":"markdown","optional":true}},"description":"Genesys Cloud Single Sign-on OneLogin Identity Provider. See this page for detailed configuration instructions: https://help.mypurecloud.com/articles/add-onelogin-as-single-sign-on-provider/","description_kind":"markdown"}},"genesyscloud_idp_ping":{"version":1,"block":{"attributes":{"certificates":{"type":["set","string"],"description":"PEM or DER encoded public X.509 certificates for SAML signature validation.","description_kind":"markdown","required":true},"disabled":{"type":"bool","description":"True if Ping is disabled. Defaults to `false`.","description_kind":"markdown","optional":true},"id":{"type":"string","description_kind":"plain","optional":true,"computed":true},"issuer_uri":{"type":"string","description":"Issuer URI provided by Ping.","description_kind":"markdown","required":true},"relying_party_identifier":{"type":"string","description":"String used to identify Genesys Cloud to Ping.","description_kind":"markdown","optional":true},"target_uri":{"type":"string","description":"Target URI provided by Ping.","description_kind":"markdown","optional":true}},"description":"Genesys Cloud Single Sign-on Ping Identity Provider. See this page for detailed configuration instructions: https://help.mypurecloud.com/articles/add-ping-identity-single-sign-provider/","description_kind":"markdown"}},"genesyscloud_idp_salesforce":{"version":1,"block":{"attributes":{"certificates":{"type":["set","string"],"description":"PEM or DER encoded public X.509 certificates for SAML signature validation.","description_kind":"markdown","required":true},"disabled":{"type":"bool","description":"True if Salesforce is disabled. Defaults to `false`.","description_kind":"markdown","optional":true},"id":{"type":"string","description_kind":"plain","optional":true,"computed":true},"issuer_uri":{"type":"string","description":"Issuer URI provided by Salesforce.","description_kind":"markdown","required":true},"target_uri":{"type":"string","description":"Target URI provided by Salesforce.","description_kind":"markdown","optional":true}},"description":"Genesys Cloud Single Sign-on Salesforce Identity Provider. See this page for detailed configuration instructions: https://help.mypurecloud.com/articles/add-salesforce-as-a-single-sign-on-provider/","description_kind":"markdown"}},"genesyscloud_integration":{"version":1,"block":{"attributes":{"id":{"type":"string","description_kind":"plain","optional":true,"computed":true},"integration_type":{"type":"string","description":"Integration type.","description_kind":"markdown","required":true},"intended_state":{"type":"string","description":"Integration state (ENABLED | DISABLED | DELETED). Defaults to `DISABLED`.","description_kind":"markdown","optional":true}},"block_types":{"config":{"nesting_mode":"list","block":{"attributes":{"advanced":{"type":"string","description":"Integration advanced config (JSON string).","description_kind":"markdown","optional":true,"computed":true},"credentials":{"type":["map","string"],"description":"Credentials required for the integration. The required keys are indicated in the credentials property of the Integration Type.","description_kind":"markdown","optional":true},"name":{"type":"string","description":"Integration name.","description_kind":"markdown","optional":true,"computed":true},"notes":{"type":"string","description":"Integration notes.","description_kind":"markdown","optional":true},"properties":{"type":"string","description":"Integration config properties (JSON string).","description_kind":"markdown","optional":true,"computed":true}},"description":"Integration config. Each integration type has different schema, use [GET /api/v2/integrations/types/{typeId}/configschemas/{configType}](https://developer.mypurecloud.com/api/rest/v2/integrations/#get-api-v2-integrations-types--typeId--configschemas--configType-) to check schema, then use the correct attribute names for properties.","description_kind":"markdown"},"max_items":1}},"description":"Genesys Cloud Integration","description_kind":"markdown"}},"genesyscloud_integration_action":{"version":1,"block":{"attributes":{"category":{"type":"string","description":"Category of action. Can be up to 256 characters long.","description_kind":"markdown","required":true},"contract_input":{"type":"string","description":"JSON Schema that defines the body of the request that the client (edge/architect/postman) is sending to the service, on the /execute path. Changes will create a new action.","description_kind":"markdown","required":true},"contract_output":{"type":"string","description":"JSON schema that defines the transformed, successful result that will be sent back to the caller. Changes will create a new action.","description_kind":"markdown","required":true},"id":{"type":"string","description_kind":"plain","optional":true,"computed":true},"integration_id":{"type":"string","description":"The ID of the integration this action is associated with. Changes will create a new action.","description_kind":"markdown","required":true},"name":{"type":"string","description":"Name of the action. Can be up to 256 characters long","description_kind":"markdown","required":true},"secure":{"type":"bool","description":"Indication of whether or not the action is designed to accept sensitive data. Changes will create a new action. Defaults to `false`.","description_kind":"markdown","optional":true}},"block_types":{"config_request":{"nesting_mode":"list","block":{"attributes":{"headers":{"type":["map","string"],"description":"Map of headers in name, value pairs to include in request.","description_kind":"markdown","optional":true},"request_template":{"type":"string","description":"Velocity template to define request body sent to 3rd party service. Any instances of '${' must be properly escaped as '$${'","description_kind":"markdown","optional":true,"computed":true},"request_type":{"type":"string","description":"HTTP method to use for request (GET | PUT | POST | PATCH).","description_kind":"markdown","required":true},"request_url_template":{"type":"string","description":"URL that may include placeholders for requests to 3rd party service.","description_kind":"markdown","required":true}},"description":"Configuration of outbound request.","description_kind":"markdown"},"min_items":1,"max_items":1},"config_response":{"nesting_mode":"list","block":{"attributes":{"success_template":{"type":"string","description":"Velocity template to build response to return from Action. Any instances of '${' must be properly escaped as '$${'.","description_kind":"markdown","optional":true,"computed":true},"translation_map":{"type":["map","string"],"description":"Map 'attribute name' and 'JSON path' pairs used to extract data from REST response.","description_kind":"markdown","optional":true},"translation_map_defaults":{"type":["map","string"],"description":"Map 'attribute name' and 'default value' pairs used as fallback values if JSON path extraction fails for specified key.","description_kind":"markdown","optional":true}},"description":"Configuration of response processing.","description_kind":"markdown"},"max_items":1}},"description":"Genesys Cloud Integration Actions. See this page for detailed information on configuring Actions: https://help.mypurecloud.com/articles/add-configuration-custom-actions-integrations/","description_kind":"markdown"}},"genesyscloud_integration_credential":{"version":1,"block":{"attributes":{"credential_type_name":{"type":"string","description":"Credential type name. Use [GET /api/v2/integrations/credentials/types](https://developer.genesys.cloud/api/rest/v2/integrations/#get-api-v2-integrations-credentials-types) to see the list of available integration credential types.","description_kind":"markdown","required":true},"fields":{"type":["map","string"],"description":"Credential fields. Different credential types require different fields. Missing any correct required fields will result API request failure. Use [GET /api/v2/integrations/credentials/types](https://developer.genesys.cloud/api/rest/v2/integrations/#get-api-v2-integrations-credentials-types) to check out the specific credential type schema to find out what fields are required.","description_kind":"markdown","optional":true,"computed":true,"sensitive":true},"id":{"type":"string","description_kind":"plain","optional":true,"computed":true},"name":{"type":"string","description":"Credential name.","description_kind":"markdown","optional":true}},"description":"Genesys Cloud Credential","description_kind":"markdown"}},"genesyscloud_location":{"version":1,"block":{"attributes":{"id":{"type":"string","description_kind":"plain","optional":true,"computed":true},"name":{"type":"string","description":"Location name.","description_kind":"markdown","required":true},"notes":{"type":"string","description":"Notes for this location.","description_kind":"markdown","optional":true},"path":{"type":["list","string"],"description":"A list of ancestor location IDs. This can be used to create sublocations.","description_kind":"markdown","optional":true}},"block_types":{"address":{"nesting_mode":"list","block":{"attributes":{"city":{"type":"string","description":"Location city.","description_kind":"markdown","required":true},"country":{"type":"string","description":"Country abbreviation.","description_kind":"markdown","required":true},"state":{"type":"string","description":"Location state. Required for countries with states.","description_kind":"markdown","optional":true},"street1":{"type":"string","description":"Street address 1.","description_kind":"markdown","required":true},"street2":{"type":"string","description":"Street address 2.","description_kind":"markdown","optional":true},"zip_code":{"type":"string","description":"Location zip code.","description_kind":"markdown","required":true}},"description":"Address for this location. This cannot be changed while an emergency number is assigned.","description_kind":"markdown"},"max_items":1},"emergency_number":{"nesting_mode":"list","block":{"attributes":{"number":{"type":"string","description":"Emergency phone number.","description_kind":"markdown","required":true},"type":{"type":"string","description":"Type of emergency number (default | elin). Defaults to `default`.","description_kind":"markdown","optional":true}},"description":"Emergency phone number for this location.","description_kind":"markdown"},"max_items":1}},"description":"Genesys Cloud Location","description_kind":"markdown"}},"genesyscloud_routing_email_domain":{"version":1,"block":{"attributes":{"custom_smtp_server_id":{"type":"string","description":"The ID of the custom SMTP server integration to use when sending outbound emails from this domain.","description_kind":"markdown","optional":true},"domain_id":{"type":"string","description":"Unique Id of the domain such as: 'example.com'. If subdomain is true, the Genesys Cloud regional domain is appended.","description_kind":"markdown","required":true},"id":{"type":"string","description_kind":"plain","optional":true,"computed":true},"mail_from_domain":{"type":"string","description":"The custom MAIL FROM domain. This must be a subdomain of your email domain","description_kind":"markdown","optional":true},"subdomain":{"type":"bool","description":"Indicates if this a Genesys Cloud sub-domain. If true, then the appropriate DNS records are created for sending/receiving email. Defaults to `false`.","description_kind":"markdown","optional":true}},"description":"Genesys Cloud Routing Email Domain","description_kind":"markdown"}},"genesyscloud_routing_email_route":{"version":1,"block":{"attributes":{"domain_id":{"type":"string","description":"ID of the routing domain such as: 'example.com'","description_kind":"markdown","required":true},"flow_id":{"type":"string","description":"The flow to use for processing the email. This should not be set if a queue_id is specified.","description_kind":"markdown","optional":true},"from_email":{"type":"string","description":"The sender email to use for outgoing replies.","description_kind":"markdown","required":true},"from_name":{"type":"string","description":"The sender name to use for outgoing replies.","description_kind":"markdown","required":true},"id":{"type":"string","description_kind":"plain","optional":true,"computed":true},"language_id":{"type":"string","description":"The language to use for routing.","description_kind":"markdown","optional":true},"pattern":{"type":"string","description":"The search pattern that the mailbox name should match.","description_kind":"markdown","required":true},"priority":{"type":"number","description":"The priority to use for routing.","description_kind":"markdown","optional":true},"queue_id":{"type":"string","description":"The queue to route the emails to. This should not be set if a flow_id is specified.","description_kind":"markdown","optional":true},"skill_ids":{"type":["set","string"],"description":"The skills to use for routing.","description_kind":"markdown","optional":true},"spam_flow_id":{"type":"string","description":"The flow to use for processing inbound emails that have been marked as spam.","description_kind":"markdown","optional":true}},"block_types":{"auto_bcc":{"nesting_mode":"set","block":{"attributes":{"email":{"type":"string","description":"Email address.","description_kind":"markdown","required":true},"name":{"type":"string","description":"Name associated with the email.","description_kind":"markdown","optional":true}},"description":"The recipients that should be automatically blind copied on outbound emails associated with this route.","description_kind":"markdown"}},"reply_email_address":{"nesting_mode":"list","block":{"attributes":{"domain_id":{"type":"string","description":"Domain of the route.","description_kind":"markdown","required":true},"route_id":{"type":"string","description":"ID of the route.","description_kind":"markdown","required":true}},"description":"The route to use for email replies.","description_kind":"markdown"},"max_items":1}},"description":"Genesys Cloud Routing Email Domain Route","description_kind":"markdown"}},"genesyscloud_routing_language":{"version":1,"block":{"attributes":{"id":{"type":"string","description_kind":"plain","optional":true,"computed":true},"name":{"type":"string","description":"Language name.","description_kind":"markdown","required":true}},"description":"Genesys Cloud Routing Language","description_kind":"markdown"}},"genesyscloud_routing_queue":{"version":1,"block":{"attributes":{"acw_timeout_ms":{"type":"number","description":"The amount of time the agent can stay in ACW. Only set when ACW is MANDATORY_TIMEOUT, MANDATORY_FORCED_TIMEOUT or AGENT_REQUESTED.","description_kind":"markdown","optional":true,"computed":true},"acw_wrapup_prompt":{"type":"string","description":"This field controls how the UI prompts the agent for a wrapup (MANDATORY | OPTIONAL | MANDATORY_TIMEOUT | MANDATORY_FORCED_TIMEOUT | AGENT_REQUESTED). Defaults to `MANDATORY_TIMEOUT`.","description_kind":"markdown","optional":true},"auto_answer_only":{"type":"bool","description":"Specifies whether the configured whisper should play for all ACD calls, or only for those which are auto-answered. Defaults to `true`.","description_kind":"markdown","optional":true},"calling_party_name":{"type":"string","description":"The name to use for caller identification for outbound calls from this queue.","description_kind":"markdown","optional":true},"calling_party_number":{"type":"string","description":"The phone number to use for caller identification for outbound calls from this queue.","description_kind":"markdown","optional":true},"default_script_ids":{"type":["map","string"],"description":"The default script IDs for each communication type. Communication types: (CALL | CALLBACK | CHAT | COBROWSE | EMAIL | MESSAGE | SOCIAL_EXPRESSION | VIDEO | SCREENSHARE)","description_kind":"markdown","optional":true},"description":{"type":"string","description":"Queue description.","description_kind":"markdown","optional":true},"division_id":{"type":"string","description":"The division to which this queue will belong. If not set, the home division will be used.","description_kind":"markdown","optional":true,"computed":true},"enable_manual_assignment":{"type":"bool","description":"Indicates whether manual assignment is enabled for this queue. Defaults to `false`.","description_kind":"markdown","optional":true},"enable_transcription":{"type":"bool","description":"Indicates whether voice transcription is enabled for this queue. Defaults to `false`.","description_kind":"markdown","optional":true},"id":{"type":"string","description_kind":"plain","optional":true,"computed":true},"members":{"type":["set",["object",{"ring_num":"number","user_id":"string"}]],"description":"Users in the queue. If not set, this resource will not manage members.","description_kind":"markdown","optional":true,"computed":true},"name":{"type":"string","description":"Queue name.","description_kind":"markdown","required":true},"outbound_messaging_sms_address_id":{"type":"string","description":"The unique ID of the outbound messaging SMS address for the queue.","description_kind":"markdown","optional":true},"queue_flow_id":{"type":"string","description":"The in-queue flow ID to use for conversations waiting in queue.","description_kind":"markdown","optional":true},"skill_evaluation_method":{"type":"string","description":"The skill evaluation method to use when routing conversations (NONE | BEST | ALL). Defaults to `ALL`.","description_kind":"markdown","optional":true},"whisper_prompt_id":{"type":"string","description":"The prompt ID used for whisper on the queue, if configured.","description_kind":"markdown","optional":true},"wrapup_codes":{"type":["set","string"],"description":"IDs of wrapup codes assigned to this queue. If not set, this resource will not manage wrapup codes.","description_kind":"markdown","optional":true,"computed":true}},"block_types":{"bullseye_rings":{"nesting_mode":"list","block":{"attributes":{"expansion_timeout_seconds":{"type":"number","description":"Seconds to wait in this ring before moving to the next.","description_kind":"markdown","required":true},"skills_to_remove":{"type":["set","string"],"description":"Skill IDs to remove on ring exit.","description_kind":"markdown","optional":true}},"description":"The bullseye ring settings for the queue.","description_kind":"markdown"},"max_items":6},"media_settings_call":{"nesting_mode":"list","block":{"attributes":{"alerting_timeout_sec":{"type":"number","description":"Alerting timeout in seconds. Must be \u003e= 7","description_kind":"markdown","required":true},"service_level_duration_ms":{"type":"number","description":"Service Level target in milliseconds. Must be \u003e= 1000","description_kind":"markdown","required":true},"service_level_percentage":{"type":"number","description":"The desired Service Level. A float value between 0 and 1.","description_kind":"markdown","required":true}},"description":"Call media settings.","description_kind":"markdown"},"max_items":1},"media_settings_callback":{"nesting_mode":"list","block":{"attributes":{"alerting_timeout_sec":{"type":"number","description":"Alerting timeout in seconds. Must be \u003e= 7","description_kind":"markdown","required":true},"service_level_duration_ms":{"type":"number","description":"Service Level target in milliseconds. Must be \u003e= 1000","description_kind":"markdown","required":true},"service_level_percentage":{"type":"number","description":"The desired Service Level. A float value between 0 and 1.","description_kind":"markdown","required":true}},"description":"Callback media settings.","description_kind":"markdown"},"max_items":1},"media_settings_chat":{"nesting_mode":"list","block":{"attributes":{"alerting_timeout_sec":{"type":"number","description":"Alerting timeout in seconds. Must be \u003e= 7","description_kind":"markdown","required":true},"service_level_duration_ms":{"type":"number","description":"Service Level target in milliseconds. Must be \u003e= 1000","description_kind":"markdown","required":true},"service_level_percentage":{"type":"number","description":"The desired Service Level. A float value between 0 and 1.","description_kind":"markdown","required":true}},"description":"Chat media settings.","description_kind":"markdown"},"max_items":1},"media_settings_email":{"nesting_mode":"list","block":{"attributes":{"alerting_timeout_sec":{"type":"number","description":"Alerting timeout in seconds. Must be \u003e= 7","description_kind":"markdown","required":true},"service_level_duration_ms":{"type":"number","description":"Service Level target in milliseconds. Must be \u003e= 1000","description_kind":"markdown","required":true},"service_level_percentage":{"type":"number","description":"The desired Service Level. A float value between 0 and 1.","description_kind":"markdown","required":true}},"description":"Email media settings.","description_kind":"markdown"},"max_items":1},"media_settings_message":{"nesting_mode":"list","block":{"attributes":{"alerting_timeout_sec":{"type":"number","description":"Alerting timeout in seconds. Must be \u003e= 7","description_kind":"markdown","required":true},"service_level_duration_ms":{"type":"number","description":"Service Level target in milliseconds. Must be \u003e= 1000","description_kind":"markdown","required":true},"service_level_percentage":{"type":"number","description":"The desired Service Level. A float value between 0 and 1.","description_kind":"markdown","required":true}},"description":"Message media settings.","description_kind":"markdown"},"max_items":1},"media_settings_social":{"nesting_mode":"list","block":{"attributes":{"alerting_timeout_sec":{"type":"number","description":"Alerting timeout in seconds. Must be \u003e= 7","description_kind":"markdown","required":true},"service_level_duration_ms":{"type":"number","description":"Service Level target in milliseconds. Must be \u003e= 1000","description_kind":"markdown","required":true},"service_level_percentage":{"type":"number","description":"The desired Service Level. A float value between 0 and 1.","description_kind":"markdown","required":true}},"description":"Social media settings.","description_kind":"markdown"},"max_items":1},"media_settings_video":{"nesting_mode":"list","block":{"attributes":{"alerting_timeout_sec":{"type":"number","description":"Alerting timeout in seconds. Must be \u003e= 7","description_kind":"markdown","required":true},"service_level_duration_ms":{"type":"number","description":"Service Level target in milliseconds. Must be \u003e= 1000","description_kind":"markdown","required":true},"service_level_percentage":{"type":"number","description":"The desired Service Level. A float value between 0 and 1.","description_kind":"markdown","required":true}},"description":"Video media settings.","description_kind":"markdown"},"max_items":1},"outbound_email_address":{"nesting_mode":"list","block":{"attributes":{"domain_id":{"type":"string","description":"Unique ID of the email domain. e.g. \"test.example.com\"","description_kind":"markdown","required":true},"route_id":{"type":"string","description":"Unique ID of the email route.","description_kind":"markdown","required":true}},"description":"The outbound email address settings for this queue.","description_kind":"markdown"},"max_items":1},"routing_rules":{"nesting_mode":"list","block":{"attributes":{"operator":{"type":"string","description":"Matching operator (MEETS_THRESHOLD | ANY). MEETS_THRESHOLD matches any agent with a score at or above the rule's threshold. ANY matches all specified agents, regardless of score. Defaults to `MEETS_THRESHOLD`.","description_kind":"markdown","optional":true},"threshold":{"type":"number","description":"Threshold required for routing attempt (generally an agent score). Ignored for operator ANY.","description_kind":"markdown","optional":true},"wait_seconds":{"type":"number","description":"Seconds to wait in this rule before moving to the next. Defaults to `5`.","description_kind":"markdown","optional":true}},"description":"The routing rules for the queue, used for routing to known or preferred agents.","description_kind":"markdown"},"max_items":6}},"description":"Genesys Cloud Routing Queue","description_kind":"markdown"}},"genesyscloud_routing_skill":{"version":1,"block":{"attributes":{"id":{"type":"string","description_kind":"plain","optional":true,"computed":true},"name":{"type":"string","description":"Skill name.","description_kind":"markdown","required":true}},"description":"Genesys Cloud Routing Skill","description_kind":"markdown"}},"genesyscloud_routing_utilization":{"version":1,"block":{"attributes":{"id":{"type":"string","description_kind":"plain","optional":true,"computed":true}},"block_types":{"call":{"nesting_mode":"list","block":{"attributes":{"include_non_acd":{"type":"bool","description":"Block this media type when on a non-ACD conversation. Defaults to `false`.","description_kind":"markdown","optional":true},"interruptible_media_types":{"type":["set","string"],"description":"Set of other media types that can interrupt this media type (call | callback | chat | email | message | videoComm).","description_kind":"markdown","optional":true},"maximum_capacity":{"type":"number","description":"Maximum capacity of conversations of this media type. Value must be between 1 and 25.","description_kind":"markdown","required":true}},"description":"Call media settings. If not set, this reverts to the default media type settings.","description_kind":"markdown"},"max_items":1},"callback":{"nesting_mode":"list","block":{"attributes":{"include_non_acd":{"type":"bool","description":"Block this media type when on a non-ACD conversation. Defaults to `false`.","description_kind":"markdown","optional":true},"interruptible_media_types":{"type":["set","string"],"description":"Set of other media types that can interrupt this media type (call | callback | chat | email | message | videoComm).","description_kind":"markdown","optional":true},"maximum_capacity":{"type":"number","description":"Maximum capacity of conversations of this media type. Value must be between 1 and 25.","description_kind":"markdown","required":true}},"description":"Callback media settings. If not set, this reverts to the default media type settings.","description_kind":"markdown"},"max_items":1},"chat":{"nesting_mode":"list","block":{"attributes":{"include_non_acd":{"type":"bool","description":"Block this media type when on a non-ACD conversation. Defaults to `false`.","description_kind":"markdown","optional":true},"interruptible_media_types":{"type":["set","string"],"description":"Set of other media types that can interrupt this media type (call | callback | chat | email | message | videoComm).","description_kind":"markdown","optional":true},"maximum_capacity":{"type":"number","description":"Maximum capacity of conversations of this media type. Value must be between 1 and 25.","description_kind":"markdown","required":true}},"description":"Chat media settings. If not set, this reverts to the default media type settings.","description_kind":"markdown"},"max_items":1},"email":{"nesting_mode":"list","block":{"attributes":{"include_non_acd":{"type":"bool","description":"Block this media type when on a non-ACD conversation. Defaults to `false`.","description_kind":"markdown","optional":true},"interruptible_media_types":{"type":["set","string"],"description":"Set of other media types that can interrupt this media type (call | callback | chat | email | message | videoComm).","description_kind":"markdown","optional":true},"maximum_capacity":{"type":"number","description":"Maximum capacity of conversations of this media type. Value must be between 1 and 25.","description_kind":"markdown","required":true}},"description":"Email media settings. If not set, this reverts to the default media type settings.","description_kind":"markdown"},"max_items":1},"message":{"nesting_mode":"list","block":{"attributes":{"include_non_acd":{"type":"bool","description":"Block this media type when on a non-ACD conversation. Defaults to `false`.","description_kind":"markdown","optional":true},"interruptible_media_types":{"type":["set","string"],"description":"Set of other media types that can interrupt this media type (call | callback | chat | email | message | videoComm).","description_kind":"markdown","optional":true},"maximum_capacity":{"type":"number","description":"Maximum capacity of conversations of this media type. Value must be between 1 and 25.","description_kind":"markdown","required":true}},"description":"Message media settings. If not set, this reverts to the default media type settings.","description_kind":"markdown"},"max_items":1},"video":{"nesting_mode":"list","block":{"attributes":{"include_non_acd":{"type":"bool","description":"Block this media type when on a non-ACD conversation. Defaults to `false`.","description_kind":"markdown","optional":true},"interruptible_media_types":{"type":["set","string"],"description":"Set of other media types that can interrupt this media type (call | callback | chat | email | message | videoComm).","description_kind":"markdown","optional":true},"maximum_capacity":{"type":"number","description":"Maximum capacity of conversations of this media type. Value must be between 1 and 25.","description_kind":"markdown","required":true}},"description":"Video media settings. If not set, this reverts to the default media type settings.","description_kind":"markdown"},"max_items":1}},"description":"Genesys Cloud Org-wide Routing Utilization Settings.","description_kind":"markdown"}},"genesyscloud_routing_wrapupcode":{"version":1,"block":{"attributes":{"id":{"type":"string","description_kind":"plain","optional":true,"computed":true},"name":{"type":"string","description":"Wrapup Code name.","description_kind":"markdown","required":true}},"description":"Genesys Cloud Routing Wrapup Code","description_kind":"markdown"}},"genesyscloud_tf_export":{"version":0,"block":{"attributes":{"directory":{"type":"string","description":"Directory where the config and state files will be exported. Defaults to `./genesyscloud`.","description_kind":"markdown","optional":true},"exclude_attributes":{"type":["list","string"],"description":"Attributes to exclude from the config when exporting resources. Each value should be of the form {resource_name}.{attribute}, e.g. 'genesyscloud_user.skills'. Excluded attributes must be optional.","description_kind":"markdown","optional":true},"id":{"type":"string","description_kind":"plain","optional":true,"computed":true},"include_state_file":{"type":"bool","description":"Export a 'terraform.tfstate' file along with the config file. This can be used for orgs to begin managing existing resources with terraform. Defaults to `false`.","description_kind":"markdown","optional":true},"resource_types":{"type":["list","string"],"description":"Resource types to export, e.g. 'genesyscloud_user'. Defaults to all exportable types.","description_kind":"markdown","optional":true}},"description":"\n\t\tGenesys Cloud Resource to export Terraform config and (optionally) tfstate files to a local directory. \n\t\tThe config file is named 'genesyscloud.tf.json', and the state file is named 'terraform.tfstate'.\n\t\t","description_kind":"markdown"}},"genesyscloud_user":{"version":1,"block":{"attributes":{"acd_auto_answer":{"type":"bool","description":"Enable ACD auto-answer. Defaults to `false`.","description_kind":"markdown","optional":true},"addresses":{"type":["list",["object",{"other_emails":["set",["object",{"address":"string","type":"string"}]],"phone_numbers":["set",["object",{"extension":"string","media_type":"string","number":"string","type":"string"}]]}]],"description":"The address settings for this user. If not set, this resource will not manage addresses.","description_kind":"markdown","optional":true,"computed":true},"certifications":{"type":["set","string"],"description":"Certifications for this user. If not set, this resource will not manage certifications.","description_kind":"markdown","optional":true,"computed":true},"department":{"type":"string","description":"User's department.","description_kind":"markdown","optional":true},"division_id":{"type":"string","description":"The division to which this user will belong. If not set, the home division will be used.","description_kind":"markdown","optional":true,"computed":true},"email":{"type":"string","description":"User's primary email and username.","description_kind":"markdown","required":true},"employer_info":{"type":["list",["object",{"date_hire":"string","employee_id":"string","employee_type":"string","official_name":"string"}]],"description":"The employer info for this user. If not set, this resource will not manage employer info.","description_kind":"markdown","optional":true,"computed":true},"id":{"type":"string","description_kind":"plain","optional":true,"computed":true},"locations":{"type":["set",["object",{"location_id":"string","notes":"string"}]],"description":"The user placement at each site location. If not set, this resource will not manage user locations.","description_kind":"markdown","optional":true,"computed":true},"manager":{"type":"string","description":"User ID of this user's manager.","description_kind":"markdown","optional":true},"name":{"type":"string","description":"User's full name.","description_kind":"markdown","required":true},"password":{"type":"string","description":"User's password. If specified, this is only set on user create.","description_kind":"markdown","optional":true,"sensitive":true},"profile_skills":{"type":["set","string"],"description":"Profile skills for this user. If not set, this resource will not manage profile skills.","description_kind":"markdown","optional":true,"computed":true},"routing_languages":{"type":["set",["object",{"language_id":"string","proficiency":"number"}]],"description":"Languages and proficiencies for this user. If not set, this resource will not manage user languages.","description_kind":"markdown","optional":true,"computed":true},"routing_skills":{"type":["set",["object",{"proficiency":"number","skill_id":"string"}]],"description":"Skills and proficiencies for this user. If not set, this resource will not manage user skills.","description_kind":"markdown","optional":true,"computed":true},"routing_utilization":{"type":["list",["object",{"call":["list",["object",{"include_non_acd":"bool","interruptible_media_types":["set","string"],"maximum_capacity":"number"}]],"callback":["list",["object",{"include_non_acd":"bool","interruptible_media_types":["set","string"],"maximum_capacity":"number"}]],"chat":["list",["object",{"include_non_acd":"bool","interruptible_media_types":["set","string"],"maximum_capacity":"number"}]],"email":["list",["object",{"include_non_acd":"bool","interruptible_media_types":["set","string"],"maximum_capacity":"number"}]],"message":["list",["object",{"include_non_acd":"bool","interruptible_media_types":["set","string"],"maximum_capacity":"number"}]],"video":["list",["object",{"include_non_acd":"bool","interruptible_media_types":["set","string"],"maximum_capacity":"number"}]]}]],"description":"The routing utilization settings for this user. If empty list, the org default settings are used. If not set, this resource will not manage the users's utilization settings.","description_kind":"markdown","optional":true,"computed":true},"state":{"type":"string","description":"User's state (active | inactive). Default is 'active'. Defaults to `active`.","description_kind":"markdown","optional":true},"title":{"type":"string","description":"User's title.","description_kind":"markdown","optional":true}},"description":"Genesys Cloud User","description_kind":"markdown"}},"genesyscloud_user_roles":{"version":1,"block":{"attributes":{"id":{"type":"string","description_kind":"plain","optional":true,"computed":true},"user_id":{"type":"string","description":"User ID that will be managed by this resource.","description_kind":"markdown","required":true}},"block_types":{"roles":{"nesting_mode":"set","block":{"attributes":{"division_ids":{"type":["set","string"],"description":"Division IDs applied to this resource. If not set, the home division will be used. '*' may be set for all divisions.","description_kind":"markdown","optional":true,"computed":true},"role_id":{"type":"string","description":"Role ID.","description_kind":"markdown","required":true}},"description":"Roles and their divisions assigned to this user.","description_kind":"markdown"}}},"description":"Genesys Cloud User Roles maintains user role assignments.","description_kind":"markdown"}}},"data_source_schemas":{"genesyscloud_auth_division":{"version":1,"block":{"attributes":{"id":{"type":"string","description_kind":"plain","optional":true,"computed":true},"name":{"type":"string","description":"Division name.","description_kind":"markdown","required":true}},"description":"Data source for Genesys Cloud Divisions. Select a division by name.","description_kind":"markdown"}},"genesyscloud_auth_role":{"version":1,"block":{"attributes":{"id":{"type":"string","description_kind":"plain","optional":true,"computed":true},"name":{"type":"string","description":"Role name.","description_kind":"markdown","required":true}},"description":"Data source for Genesys Cloud Roles. Select a role by name.","description_kind":"markdown"}},"genesyscloud_routing_language":{"version":1,"block":{"attributes":{"id":{"type":"string","description_kind":"plain","optional":true,"computed":true},"name":{"type":"string","description":"Language name.","description_kind":"markdown","required":true}},"description":"Data source for Genesys Cloud Routing Languages. Select a language by name.","description_kind":"markdown"}},"genesyscloud_routing_skill":{"version":1,"block":{"attributes":{"id":{"type":"string","description_kind":"plain","optional":true,"computed":true},"name":{"type":"string","description":"Skill name.","description_kind":"markdown","required":true}},"description":"Data source for Genesys Cloud Routing Skills. Select a skill by name.","description_kind":"markdown"}},"genesyscloud_user":{"version":1,"block":{"attributes":{"email":{"type":"string","description":"User email.","description_kind":"markdown","optional":true},"id":{"type":"string","description_kind":"plain","optional":true,"computed":true},"name":{"type":"string","description":"User name.","description_kind":"markdown","optional":true}},"description":"Data source for Genesys Cloud Users. Select a user by email or name.","description_kind":"markdown"}}}}}}
