{"format_version":"0.2","provider_schemas":{"registry.terraform.io/navercloudplatform/ncloud":{"provider":{"version":0,"block":{"attributes":{"access_key":{"type":"string","description":"Access key of ncloud","description_kind":"plain","required":true},"region":{"type":"string","description":"Region of ncloud","description_kind":"plain","required":true},"secret_key":{"type":"string","description":"Secret key of ncloud","description_kind":"plain","required":true},"site":{"type":"string","description":"Site of ncloud (public / gov / fin)","description_kind":"plain","optional":true},"support_vpc":{"type":"bool","description":"Support VPC platform","description_kind":"plain","optional":true}},"description_kind":"plain"}},"resource_schemas":{"ncloud_access_control_group":{"version":0,"block":{"attributes":{"access_control_group_no":{"type":"string","description_kind":"plain","computed":true},"description":{"type":"string","description_kind":"plain","optional":true,"computed":true},"id":{"type":"string","description_kind":"plain","optional":true,"computed":true},"is_default":{"type":"bool","description_kind":"plain","computed":true},"name":{"type":"string","description_kind":"plain","optional":true,"computed":true},"vpc_no":{"type":"string","description_kind":"plain","required":true}},"description_kind":"plain"}},"ncloud_access_control_group_rule":{"version":0,"block":{"attributes":{"access_control_group_no":{"type":"string","description_kind":"plain","required":true},"id":{"type":"string","description_kind":"plain","optional":true,"computed":true},"inbound":{"type":["set",["object",{"description":"string","ip_block":"string","port_range":"string","protocol":"string","source_access_control_group_no":"string"}]],"description_kind":"plain","optional":true},"outbound":{"type":["set",["object",{"description":"string","ip_block":"string","port_range":"string","protocol":"string","source_access_control_group_no":"string"}]],"description_kind":"plain","optional":true}},"block_types":{"timeouts":{"nesting_mode":"single","block":{"attributes":{"create":{"type":"string","description_kind":"plain","optional":true},"delete":{"type":"string","description_kind":"plain","optional":true},"update":{"type":"string","description_kind":"plain","optional":true}},"description_kind":"plain"}}},"description_kind":"plain"}},"ncloud_auto_scaling_group":{"version":0,"block":{"attributes":{"access_control_group_no_list":{"type":["list","string"],"description_kind":"plain","optional":true},"auto_scaling_group_no":{"type":"string","description_kind":"plain","computed":true},"default_cooldown":{"type":"number","description_kind":"plain","optional":true,"computed":true},"desired_capacity":{"type":"number","description_kind":"plain","optional":true,"computed":true},"health_check_grace_period":{"type":"number","description_kind":"plain","optional":true,"computed":true},"health_check_type_code":{"type":"string","description_kind":"plain","optional":true,"computed":true},"id":{"type":"string","description_kind":"plain","optional":true,"computed":true},"launch_configuration_no":{"type":"string","description_kind":"plain","required":true},"max_size":{"type":"number","description_kind":"plain","required":true},"min_size":{"type":"number","description_kind":"plain","required":true},"name":{"type":"string","description_kind":"plain","optional":true,"computed":true},"server_instance_no_list":{"type":["list","string"],"description_kind":"plain","computed":true},"server_name_prefix":{"type":"string","description_kind":"plain","optional":true,"computed":true},"subnet_no":{"type":"string","description_kind":"plain","optional":true},"target_group_list":{"type":["list","string"],"description_kind":"plain","optional":true},"vpc_no":{"type":"string","description_kind":"plain","computed":true},"wait_for_capacity_timeout":{"type":"string","description_kind":"plain","optional":true},"zone_no_list":{"type":["list","string"],"description_kind":"plain","optional":true}},"description_kind":"plain"}},"ncloud_auto_scaling_policy":{"version":0,"block":{"attributes":{"adjustment_type_code":{"type":"string","description_kind":"plain","required":true},"auto_scaling_group_no":{"type":"string","description_kind":"plain","required":true},"cooldown":{"type":"number","description_kind":"plain","optional":true,"computed":true},"id":{"type":"string","description_kind":"plain","optional":true,"computed":true},"min_adjustment_step":{"type":"number","description_kind":"plain","optional":true},"name":{"type":"string","description_kind":"plain","required":true},"scaling_adjustment":{"type":"number","description_kind":"plain","required":true}},"description_kind":"plain"}},"ncloud_auto_scaling_schedule":{"version":0,"block":{"attributes":{"auto_scaling_group_no":{"type":"string","description_kind":"plain","required":true},"desired_capacity":{"type":"number","description_kind":"plain","optional":true},"end_time":{"type":"string","description_kind":"plain","optional":true},"id":{"type":"string","description_kind":"plain","optional":true,"computed":true},"max_size":{"type":"number","description_kind":"plain","required":true},"min_size":{"type":"number","description_kind":"plain","required":true},"name":{"type":"string","description_kind":"plain","required":true},"recurrence":{"type":"string","description_kind":"plain","optional":true},"start_time":{"type":"string","description_kind":"plain","optional":true},"time_zone":{"type":"string","description_kind":"plain","optional":true,"computed":true}},"description_kind":"plain"}},"ncloud_block_storage":{"version":0,"block":{"attributes":{"block_storage_no":{"type":"string","description_kind":"plain","computed":true},"description":{"type":"string","description_kind":"plain","optional":true,"computed":true},"device_name":{"type":"string","description_kind":"plain","computed":true},"disk_detail_type":{"type":"string","description_kind":"plain","optional":true,"computed":true},"disk_type":{"type":"string","description_kind":"plain","computed":true},"id":{"type":"string","description_kind":"plain","optional":true,"computed":true},"name":{"type":"string","description_kind":"plain","optional":true,"computed":true},"product_code":{"type":"string","description_kind":"plain","computed":true},"server_instance_no":{"type":"string","description_kind":"plain","required":true},"server_name":{"type":"string","description_kind":"plain","computed":true},"size":{"type":"number","description_kind":"plain","required":true},"snapshot_no":{"type":"string","description_kind":"plain","optional":true},"status":{"type":"string","description_kind":"plain","computed":true},"type":{"type":"string","description_kind":"plain","computed":true},"zone":{"type":"string","description_kind":"plain","optional":true,"computed":true}},"block_types":{"timeouts":{"nesting_mode":"single","block":{"attributes":{"create":{"type":"string","description_kind":"plain","optional":true},"delete":{"type":"string","description_kind":"plain","optional":true}},"description_kind":"plain"}}},"description_kind":"plain"}},"ncloud_block_storage_snapshot":{"version":0,"block":{"attributes":{"block_storage_instance_no":{"type":"string","description":"Block storage instance No for creating snapshot.","description_kind":"plain","required":true},"description":{"type":"string","description":"Descriptions on a snapshot to create","description_kind":"plain","optional":true,"computed":true},"id":{"type":"string","description_kind":"plain","optional":true,"computed":true},"instance_description":{"type":"string","description":"Block Storage Snapshot Instance Description","description_kind":"plain","computed":true},"instance_no":{"type":"string","description":"Block Storage Snapshot Instance Number","description_kind":"plain","computed":true},"instance_operation":{"type":"string","description":"Block Storage Snapshot Instance Operation","description_kind":"plain","computed":true},"instance_status":{"type":"string","description":"Block Storage Snapshot Instance Status","description_kind":"plain","optional":true,"computed":true},"instance_status_name":{"type":"string","description":"Block Storage Snapshot Instance Status Name","description_kind":"plain","optional":true,"computed":true},"name":{"type":"string","description":"Block storage snapshot name to create. default : Ncloud assigns default values.","description_kind":"plain","optional":true,"computed":true},"original_block_storage_instance_no":{"type":"string","description":"Original Block Storage Instance Number","description_kind":"plain","computed":true},"original_block_storage_name":{"type":"string","description":"Original Block Storage Name","description_kind":"plain","computed":true},"os_information":{"type":"string","description":"OS Information","description_kind":"plain","computed":true},"server_image_product_code":{"type":"string","description":"Server Image Product Code","description_kind":"plain","computed":true},"volume_size":{"type":"number","description":"Block Storage Snapshot Volume Size","description_kind":"plain","computed":true}},"block_types":{"timeouts":{"nesting_mode":"single","block":{"attributes":{"create":{"type":"string","description_kind":"plain","optional":true},"delete":{"type":"string","description_kind":"plain","optional":true}},"description_kind":"plain"}}},"description_kind":"plain"}},"ncloud_init_script":{"version":0,"block":{"attributes":{"content":{"type":"string","description_kind":"plain","required":true},"description":{"type":"string","description_kind":"plain","optional":true,"computed":true},"id":{"type":"string","description_kind":"plain","optional":true,"computed":true},"init_script_no":{"type":"string","description_kind":"plain","computed":true},"name":{"type":"string","description_kind":"plain","optional":true,"computed":true},"os_type":{"type":"string","description_kind":"plain","optional":true,"computed":true}},"description_kind":"plain"}},"ncloud_launch_configuration":{"version":0,"block":{"attributes":{"access_control_group_no_list":{"type":["list","string"],"description_kind":"plain","optional":true,"computed":true},"id":{"type":"string","description_kind":"plain","optional":true,"computed":true},"init_script_no":{"type":"string","description_kind":"plain","optional":true},"is_encrypted_volume":{"type":"bool","description_kind":"plain","optional":true,"computed":true},"launch_configuration_no":{"type":"string","description_kind":"plain","computed":true},"login_key_name":{"type":"string","description_kind":"plain","optional":true,"computed":true},"member_server_image_no":{"type":"string","description_kind":"plain","optional":true},"name":{"type":"string","description_kind":"plain","optional":true,"computed":true},"server_image_product_code":{"type":"string","description_kind":"plain","optional":true},"server_product_code":{"type":"string","description_kind":"plain","optional":true,"computed":true},"user_data":{"type":"string","description_kind":"plain","optional":true}},"description_kind":"plain"}},"ncloud_lb":{"version":0,"block":{"attributes":{"description":{"type":"string","description_kind":"plain","optional":true},"domain":{"type":"string","description_kind":"plain","computed":true},"id":{"type":"string","description_kind":"plain","optional":true,"computed":true},"idle_timeout":{"type":"number","description_kind":"plain","optional":true,"computed":true},"ip_list":{"type":["list","string"],"description_kind":"plain","computed":true},"listener_no_list":{"type":["list","string"],"description_kind":"plain","computed":true},"load_balancer_no":{"type":"string","description_kind":"plain","computed":true},"name":{"type":"string","description_kind":"plain","optional":true,"computed":true},"network_type":{"type":"string","description_kind":"plain","optional":true,"computed":true},"subnet_no_list":{"type":["list","string"],"description_kind":"plain","required":true},"throughput_type":{"type":"string","description_kind":"plain","optional":true,"computed":true},"type":{"type":"string","description_kind":"plain","required":true},"vpc_no":{"type":"string","description_kind":"plain","computed":true}},"block_types":{"timeouts":{"nesting_mode":"single","block":{"attributes":{"create":{"type":"string","description_kind":"plain","optional":true},"delete":{"type":"string","description_kind":"plain","optional":true},"update":{"type":"string","description_kind":"plain","optional":true}},"description_kind":"plain"}}},"description_kind":"plain"}},"ncloud_lb_listener":{"version":0,"block":{"attributes":{"id":{"type":"string","description_kind":"plain","optional":true,"computed":true},"listener_no":{"type":"string","description_kind":"plain","computed":true},"load_balancer_no":{"type":"string","description_kind":"plain","required":true},"port":{"type":"number","description_kind":"plain","required":true},"protocol":{"type":"string","description_kind":"plain","required":true},"rule_no_list":{"type":["list","string"],"description_kind":"plain","computed":true},"ssl_certificate_no":{"type":"string","description_kind":"plain","optional":true},"target_group_no":{"type":"string","description_kind":"plain","required":true},"tls_min_version_type":{"type":"string","description_kind":"plain","optional":true},"use_http2":{"type":"bool","description_kind":"plain","optional":true,"computed":true}},"block_types":{"timeouts":{"nesting_mode":"single","block":{"attributes":{"create":{"type":"string","description_kind":"plain","optional":true},"delete":{"type":"string","description_kind":"plain","optional":true},"update":{"type":"string","description_kind":"plain","optional":true}},"description_kind":"plain"}}},"description_kind":"plain"}},"ncloud_lb_target_group":{"version":0,"block":{"attributes":{"algorithm_type":{"type":"string","description_kind":"plain","optional":true,"computed":true},"description":{"type":"string","description_kind":"plain","optional":true},"id":{"type":"string","description_kind":"plain","optional":true,"computed":true},"load_balancer_instance_no":{"type":"string","description_kind":"plain","computed":true},"name":{"type":"string","description_kind":"plain","optional":true,"computed":true},"port":{"type":"number","description_kind":"plain","optional":true,"computed":true},"protocol":{"type":"string","description_kind":"plain","required":true},"target_group_no":{"type":"string","description_kind":"plain","computed":true},"target_no_list":{"type":["list","string"],"description_kind":"plain","computed":true},"target_type":{"type":"string","description_kind":"plain","optional":true,"computed":true},"use_proxy_protocol":{"type":"bool","description_kind":"plain","optional":true,"computed":true},"use_sticky_session":{"type":"bool","description_kind":"plain","optional":true,"computed":true},"vpc_no":{"type":"string","description_kind":"plain","required":true}},"block_types":{"health_check":{"nesting_mode":"list","block":{"attributes":{"cycle":{"type":"number","description_kind":"plain","optional":true},"down_threshold":{"type":"number","description_kind":"plain","optional":true},"http_method":{"type":"string","description_kind":"plain","optional":true},"port":{"type":"number","description_kind":"plain","optional":true},"protocol":{"type":"string","description_kind":"plain","required":true},"up_threshold":{"type":"number","description_kind":"plain","optional":true},"url_path":{"type":"string","description_kind":"plain","optional":true,"computed":true}},"description_kind":"plain"},"max_items":1}},"description_kind":"plain"}},"ncloud_lb_target_group_attachment":{"version":0,"block":{"attributes":{"id":{"type":"string","description_kind":"plain","optional":true,"computed":true},"target_group_no":{"type":"string","description_kind":"plain","required":true},"target_no_list":{"type":["list","string"],"description_kind":"plain","required":true}},"block_types":{"timeouts":{"nesting_mode":"single","block":{"attributes":{"create":{"type":"string","description_kind":"plain","optional":true},"delete":{"type":"string","description_kind":"plain","optional":true}},"description_kind":"plain"}}},"description_kind":"plain"}},"ncloud_load_balancer":{"version":0,"block":{"attributes":{"algorithm_type":{"type":"string","description":"Load balancer algorithm type code. The available algorithms are as follows: [ROUND ROBIN (RR) | LEAST_CONNECTION (LC)]. Default: ROUND ROBIN (RR)","description_kind":"plain","optional":true,"computed":true},"certificate_name":{"type":"string","description_kind":"plain","computed":true},"connection_timeout":{"type":"number","description_kind":"plain","computed":true},"description":{"type":"string","description":"Description of a load balancer to create","description_kind":"plain","optional":true},"domain_name":{"type":"string","description_kind":"plain","computed":true},"id":{"type":"string","description_kind":"plain","optional":true,"computed":true},"instance_no":{"type":"string","description_kind":"plain","computed":true},"instance_operation":{"type":"string","description_kind":"plain","computed":true},"instance_status":{"type":"string","description_kind":"plain","computed":true},"instance_status_name":{"type":"string","description_kind":"plain","computed":true},"internet_line_type":{"type":"string","description":"Internet line identification code. PUBLC(Public), GLBL(Global). default : PUBLC(Public)","description_kind":"plain","deprecated":true,"optional":true,"computed":true},"is_http_keep_alive":{"type":"bool","description_kind":"plain","computed":true},"load_balanced_server_instance_list":{"type":["list","string"],"description_kind":"plain","computed":true},"name":{"type":"string","description":"Name of a load balancer to create. Default: Automatically specified by Ncloud.","description_kind":"plain","optional":true},"network_usage_type":{"type":"string","description":"Network usage identification code. PBLIP(PublicIp), PRVT(PrivateIP). default : PBLIP(PublicIp)","description_kind":"plain","optional":true,"computed":true},"region":{"type":"string","description":"Region code. Get available values using the `data ncloud_regions`.","description_kind":"plain","optional":true},"server_instance_no_list":{"type":["list","string"],"description":"List of server instance numbers to be bound to the load balancer","description_kind":"plain","optional":true},"virtual_ip":{"type":"string","description_kind":"plain","computed":true}},"block_types":{"rule_list":{"nesting_mode":"list","block":{"attributes":{"certificate_name":{"type":"string","description":"Load balancer SSL certificate. Required when the protocol_type value is SSL/HTTPS.","description_kind":"plain","optional":true},"l7_health_check_path":{"type":"string","description":"Health check path of load balancer rules. Required when the protocol_type is HTTP/HTTPS.","description_kind":"plain","optional":true},"load_balancer_port":{"type":"number","description":"Load balancer port of load balancer rules","description_kind":"plain","required":true},"protocol_type":{"type":"string","description":"Protocol type code of load balancer rules. The following codes are available. [HTTP | HTTPS | TCP | SSL]","description_kind":"plain","required":true},"proxy_protocol_use_yn":{"type":"string","description":"Use 'Y' if you want to check client IP addresses by enabling the proxy protocol while you select TCP or SSL.","description_kind":"plain","optional":true},"server_port":{"type":"number","description":"Server port of load balancer rules","description_kind":"plain","required":true}},"description":"Load balancer rules are required to create a load balancer.","description_kind":"plain"},"min_items":1},"timeouts":{"nesting_mode":"single","block":{"attributes":{"create":{"type":"string","description_kind":"plain","optional":true},"delete":{"type":"string","description_kind":"plain","optional":true},"update":{"type":"string","description_kind":"plain","optional":true}},"description_kind":"plain"}}},"description_kind":"plain"}},"ncloud_load_balancer_ssl_certificate":{"version":0,"block":{"attributes":{"certificate_chain":{"type":"string","description":"Chainca certificate (Required if the certificate is issued with a chainca)","description_kind":"plain","optional":true},"certificate_name":{"type":"string","description":"Name of a certificate to add","description_kind":"plain","required":true},"id":{"type":"string","description_kind":"plain","optional":true,"computed":true},"privatekey":{"type":"string","description":"Private key for a certificate","description_kind":"plain","required":true},"publickey_certificate":{"type":"string","description":"Public key for a certificate","description_kind":"plain","required":true}},"block_types":{"timeouts":{"nesting_mode":"single","block":{"attributes":{"create":{"type":"string","description_kind":"plain","optional":true},"delete":{"type":"string","description_kind":"plain","optional":true}},"description_kind":"plain"}}},"description_kind":"plain"}},"ncloud_login_key":{"version":0,"block":{"attributes":{"fingerprint":{"type":"string","description_kind":"plain","computed":true},"id":{"type":"string","description_kind":"plain","optional":true,"computed":true},"key_name":{"type":"string","description":"Key name to generate. If the generated key name exists, an error occurs.","description_kind":"plain","required":true},"private_key":{"type":"string","description_kind":"plain","computed":true,"sensitive":true}},"block_types":{"timeouts":{"nesting_mode":"single","block":{"attributes":{"create":{"type":"string","description_kind":"plain","optional":true},"delete":{"type":"string","description_kind":"plain","optional":true}},"description_kind":"plain"}}},"description_kind":"plain"}},"ncloud_nas_volume":{"version":0,"block":{"attributes":{"cifs_user_name":{"type":"string","description_kind":"plain","optional":true},"cifs_user_password":{"type":"string","description_kind":"plain","optional":true},"custom_ip_list":{"type":["list","string"],"description_kind":"plain","optional":true,"computed":true},"description":{"type":"string","description_kind":"plain","optional":true,"computed":true},"id":{"type":"string","description_kind":"plain","optional":true,"computed":true},"is_encrypted_volume":{"type":"bool","description_kind":"plain","optional":true,"computed":true},"is_event_configuration":{"type":"bool","description_kind":"plain","computed":true},"is_snapshot_configuration":{"type":"bool","description_kind":"plain","computed":true},"mount_information":{"type":"string","description_kind":"plain","computed":true},"name":{"type":"string","description_kind":"plain","computed":true},"nas_volume_no":{"type":"string","description_kind":"plain","computed":true},"server_instance_no_list":{"type":["list","string"],"description_kind":"plain","optional":true,"computed":true},"snapshot_volume_size":{"type":"number","description_kind":"plain","computed":true},"volume_allotment_protocol_type":{"type":"string","description_kind":"plain","required":true},"volume_name_postfix":{"type":"string","description_kind":"plain","required":true},"volume_size":{"type":"number","description_kind":"plain","required":true},"volume_total_size":{"type":"number","description_kind":"plain","computed":true},"zone":{"type":"string","description_kind":"plain","optional":true,"computed":true}},"block_types":{"timeouts":{"nesting_mode":"single","block":{"attributes":{"create":{"type":"string","description_kind":"plain","optional":true},"delete":{"type":"string","description_kind":"plain","optional":true}},"description_kind":"plain"}}},"description_kind":"plain"}},"ncloud_nat_gateway":{"version":0,"block":{"attributes":{"description":{"type":"string","description_kind":"plain","optional":true,"computed":true},"id":{"type":"string","description_kind":"plain","optional":true,"computed":true},"name":{"type":"string","description_kind":"plain","optional":true,"computed":true},"nat_gateway_no":{"type":"string","description_kind":"plain","computed":true},"public_ip":{"type":"string","description_kind":"plain","computed":true},"vpc_no":{"type":"string","description_kind":"plain","required":true},"zone":{"type":"string","description_kind":"plain","required":true}},"description_kind":"plain"}},"ncloud_network_acl":{"version":0,"block":{"attributes":{"description":{"type":"string","description_kind":"plain","optional":true,"computed":true},"id":{"type":"string","description_kind":"plain","optional":true,"computed":true},"is_default":{"type":"bool","description_kind":"plain","computed":true},"name":{"type":"string","description_kind":"plain","optional":true,"computed":true},"network_acl_no":{"type":"string","description_kind":"plain","computed":true},"vpc_no":{"type":"string","description_kind":"plain","required":true}},"description_kind":"plain"}},"ncloud_network_acl_rule":{"version":0,"block":{"attributes":{"id":{"type":"string","description_kind":"plain","optional":true,"computed":true},"inbound":{"type":["set",["object",{"description":"string","ip_block":"string","port_range":"string","priority":"number","protocol":"string","rule_action":"string"}]],"description_kind":"plain","optional":true},"network_acl_no":{"type":"string","description_kind":"plain","required":true},"outbound":{"type":["set",["object",{"description":"string","ip_block":"string","port_range":"string","priority":"number","protocol":"string","rule_action":"string"}]],"description_kind":"plain","optional":true}},"description_kind":"plain"}},"ncloud_network_interface":{"version":0,"block":{"attributes":{"access_control_groups":{"type":["list","string"],"description_kind":"plain","required":true},"description":{"type":"string","description_kind":"plain","optional":true,"computed":true},"id":{"type":"string","description_kind":"plain","optional":true,"computed":true},"instance_type":{"type":"string","description_kind":"plain","computed":true},"is_default":{"type":"bool","description_kind":"plain","computed":true},"name":{"type":"string","description_kind":"plain","optional":true,"computed":true},"network_interface_no":{"type":"string","description_kind":"plain","computed":true},"private_ip":{"type":"string","description_kind":"plain","optional":true,"computed":true},"server_instance_no":{"type":"string","description_kind":"plain","optional":true,"computed":true},"status":{"type":"string","description_kind":"plain","computed":true},"subnet_no":{"type":"string","description_kind":"plain","required":true}},"description_kind":"plain"}},"ncloud_placement_group":{"version":0,"block":{"attributes":{"id":{"type":"string","description_kind":"plain","optional":true,"computed":true},"name":{"type":"string","description_kind":"plain","optional":true,"computed":true},"placement_group_no":{"type":"string","description_kind":"plain","computed":true},"placement_group_type":{"type":"string","description_kind":"plain","optional":true,"computed":true}},"description_kind":"plain"}},"ncloud_port_forwarding_rule":{"version":0,"block":{"attributes":{"id":{"type":"string","description_kind":"plain","optional":true,"computed":true},"port_forwarding_configuration_no":{"type":"string","description":"Port forwarding configuration number.","description_kind":"plain","optional":true},"port_forwarding_external_port":{"type":"number","description":"External port for port forwarding","description_kind":"plain","required":true},"port_forwarding_internal_port":{"type":"number","description":"Internal port for port forwarding. Only the following ports are available. [Linux: `22` | Windows: `3389`]","description_kind":"plain","required":true},"port_forwarding_public_ip":{"type":"string","description":"Port forwarding Public IP","description_kind":"plain","computed":true},"server_instance_no":{"type":"string","description":"Server instance number for which port forwarding is set","description_kind":"plain","required":true},"zone":{"type":"string","description":"Zone info","description_kind":"plain","computed":true}},"block_types":{"timeouts":{"nesting_mode":"single","block":{"attributes":{"create":{"type":"string","description_kind":"plain","optional":true},"delete":{"type":"string","description_kind":"plain","optional":true}},"description_kind":"plain"}}},"description_kind":"plain"}},"ncloud_public_ip":{"version":0,"block":{"attributes":{"description":{"type":"string","description_kind":"plain","optional":true,"computed":true},"id":{"type":"string","description_kind":"plain","optional":true,"computed":true},"instance_no":{"type":"string","description_kind":"plain","deprecated":true,"computed":true},"internet_line_type":{"type":"string","description_kind":"plain","deprecated":true,"optional":true,"computed":true},"kind_type":{"type":"string","description_kind":"plain","computed":true},"public_ip":{"type":"string","description_kind":"plain","computed":true},"public_ip_no":{"type":"string","description_kind":"plain","computed":true},"server_instance_no":{"type":"string","description_kind":"plain","optional":true,"computed":true},"zone":{"type":"string","description_kind":"plain","optional":true,"computed":true}},"description_kind":"plain"}},"ncloud_route":{"version":0,"block":{"attributes":{"destination_cidr_block":{"type":"string","description_kind":"plain","required":true},"id":{"type":"string","description_kind":"plain","optional":true,"computed":true},"is_default":{"type":"bool","description_kind":"plain","computed":true},"route_table_no":{"type":"string","description_kind":"plain","required":true},"target_name":{"type":"string","description_kind":"plain","required":true},"target_no":{"type":"string","description_kind":"plain","required":true},"target_type":{"type":"string","description_kind":"plain","required":true},"vpc_no":{"type":"string","description_kind":"plain","computed":true}},"description_kind":"plain"}},"ncloud_route_table":{"version":0,"block":{"attributes":{"description":{"type":"string","description_kind":"plain","optional":true,"computed":true},"id":{"type":"string","description_kind":"plain","optional":true,"computed":true},"is_default":{"type":"bool","description_kind":"plain","computed":true},"name":{"type":"string","description_kind":"plain","optional":true,"computed":true},"route_table_no":{"type":"string","description_kind":"plain","computed":true},"supported_subnet_type":{"type":"string","description_kind":"plain","required":true},"vpc_no":{"type":"string","description_kind":"plain","required":true}},"description_kind":"plain"}},"ncloud_route_table_association":{"version":0,"block":{"attributes":{"id":{"type":"string","description_kind":"plain","optional":true,"computed":true},"route_table_no":{"type":"string","description_kind":"plain","required":true},"subnet_no":{"type":"string","description_kind":"plain","required":true}},"description_kind":"plain"}},"ncloud_server":{"version":0,"block":{"attributes":{"access_control_group_configuration_no_list":{"type":["list","string"],"description_kind":"plain","optional":true},"base_block_storage_disk_detail_type":{"type":"string","description_kind":"plain","computed":true},"base_block_storage_disk_type":{"type":"string","description_kind":"plain","computed":true},"base_block_storage_size":{"type":"number","description_kind":"plain","computed":true},"cpu_count":{"type":"number","description_kind":"plain","computed":true},"description":{"type":"string","description_kind":"plain","optional":true,"computed":true},"fee_system_type_code":{"type":"string","description_kind":"plain","optional":true},"id":{"type":"string","description_kind":"plain","optional":true,"computed":true},"init_script_no":{"type":"string","description_kind":"plain","optional":true,"computed":true},"instance_no":{"type":"string","description_kind":"plain","computed":true},"internet_line_type":{"type":"string","description_kind":"plain","deprecated":true,"optional":true,"computed":true},"is_encrypted_base_block_storage_volume":{"type":"bool","description_kind":"plain","optional":true,"computed":true},"is_fee_charging_monitoring":{"type":"bool","description_kind":"plain","deprecated":true,"computed":true},"is_protect_server_termination":{"type":"bool","description_kind":"plain","optional":true,"computed":true},"login_key_name":{"type":"string","description_kind":"plain","optional":true,"computed":true},"member_server_image_no":{"type":"string","description_kind":"plain","optional":true},"memory_size":{"type":"number","description_kind":"plain","computed":true},"name":{"type":"string","description_kind":"plain","optional":true,"computed":true},"placement_group_no":{"type":"string","description_kind":"plain","optional":true,"computed":true},"platform_type":{"type":"string","description_kind":"plain","computed":true},"port_forwarding_external_port":{"type":"number","description_kind":"plain","computed":true},"port_forwarding_internal_port":{"type":"number","description_kind":"plain","computed":true},"port_forwarding_public_ip":{"type":"string","description_kind":"plain","computed":true},"private_ip":{"type":"string","description_kind":"plain","computed":true},"public_ip":{"type":"string","description_kind":"plain","computed":true},"raid_type_name":{"type":"string","description_kind":"plain","optional":true},"region":{"type":"string","description_kind":"plain","deprecated":true,"computed":true},"server_image_name":{"type":"string","description_kind":"plain","computed":true},"server_image_product_code":{"type":"string","description_kind":"plain","optional":true,"computed":true},"server_product_code":{"type":"string","description_kind":"plain","optional":true,"computed":true},"subnet_no":{"type":"string","description_kind":"plain","optional":true,"computed":true},"user_data":{"type":"string","description_kind":"plain","optional":true},"vpc_no":{"type":"string","description_kind":"plain","computed":true},"zone":{"type":"string","description_kind":"plain","optional":true,"computed":true}},"block_types":{"network_interface":{"nesting_mode":"list","block":{"attributes":{"network_interface_no":{"type":"string","description_kind":"plain","required":true},"order":{"type":"number","description_kind":"plain","required":true},"private_ip":{"type":"string","description_kind":"plain","computed":true},"subnet_no":{"type":"string","description_kind":"plain","computed":true}},"description_kind":"plain"}},"tag_list":{"nesting_mode":"list","block":{"attributes":{"tag_key":{"type":"string","description_kind":"plain","optional":true},"tag_value":{"type":"string","description_kind":"plain","optional":true}},"description_kind":"plain"}},"timeouts":{"nesting_mode":"single","block":{"attributes":{"create":{"type":"string","description_kind":"plain","optional":true},"delete":{"type":"string","description_kind":"plain","optional":true}},"description_kind":"plain"}}},"description_kind":"plain"}},"ncloud_subnet":{"version":0,"block":{"attributes":{"id":{"type":"string","description_kind":"plain","optional":true,"computed":true},"name":{"type":"string","description":"Subnet name to create. default: Assigned by NAVER CLOUD PLATFORM.","description_kind":"plain","optional":true,"computed":true},"network_acl_no":{"type":"string","description_kind":"plain","required":true},"subnet":{"type":"string","description_kind":"plain","required":true},"subnet_no":{"type":"string","description_kind":"plain","computed":true},"subnet_type":{"type":"string","description_kind":"plain","required":true},"usage_type":{"type":"string","description_kind":"plain","optional":true},"vpc_no":{"type":"string","description":"The id of the VPC that the desired subnet belongs to.","description_kind":"plain","required":true},"zone":{"type":"string","description_kind":"plain","required":true}},"description_kind":"plain"}},"ncloud_vpc":{"version":0,"block":{"attributes":{"default_access_control_group_no":{"type":"string","description_kind":"plain","computed":true},"default_network_acl_no":{"type":"string","description_kind":"plain","computed":true},"default_private_route_table_no":{"type":"string","description_kind":"plain","computed":true},"default_public_route_table_no":{"type":"string","description_kind":"plain","computed":true},"id":{"type":"string","description_kind":"plain","optional":true,"computed":true},"ipv4_cidr_block":{"type":"string","description":"The CIDR block for the vpc.","description_kind":"plain","required":true},"name":{"type":"string","description":"Subnet name to create. default: Assigned by NAVER CLOUD PLATFORM.","description_kind":"plain","optional":true,"computed":true},"vpc_no":{"type":"string","description_kind":"plain","computed":true}},"description_kind":"plain"}},"ncloud_vpc_peering":{"version":0,"block":{"attributes":{"description":{"type":"string","description_kind":"plain","optional":true,"computed":true},"has_reverse_vpc_peering":{"type":"bool","description_kind":"plain","computed":true},"id":{"type":"string","description_kind":"plain","optional":true,"computed":true},"is_between_accounts":{"type":"bool","description_kind":"plain","computed":true},"name":{"type":"string","description_kind":"plain","optional":true,"computed":true},"source_vpc_no":{"type":"string","description_kind":"plain","required":true},"target_vpc_login_id":{"type":"string","description_kind":"plain","optional":true,"computed":true},"target_vpc_name":{"type":"string","description_kind":"plain","optional":true,"computed":true},"target_vpc_no":{"type":"string","description_kind":"plain","required":true},"vpc_peering_no":{"type":"string","description_kind":"plain","computed":true}},"description_kind":"plain"}}},"data_source_schemas":{"ncloud_access_control_group":{"version":0,"block":{"attributes":{"access_control_group_no":{"type":"string","description_kind":"plain","computed":true},"configuration_no":{"type":"string","description_kind":"plain","deprecated":true,"optional":true},"description":{"type":"string","description_kind":"plain","computed":true},"id":{"type":"string","description_kind":"plain","optional":true,"computed":true},"is_default":{"type":"bool","description_kind":"plain","optional":true,"computed":true},"is_default_group":{"type":"bool","description_kind":"plain","deprecated":true,"optional":true},"name":{"type":"string","description_kind":"plain","optional":true,"computed":true},"vpc_no":{"type":"string","description_kind":"plain","optional":true,"computed":true}},"block_types":{"filter":{"nesting_mode":"set","block":{"attributes":{"name":{"type":"string","description_kind":"plain","required":true},"regex":{"type":"bool","description_kind":"plain","optional":true},"values":{"type":["list","string"],"description_kind":"plain","required":true}},"description_kind":"plain"}}},"description_kind":"plain"}},"ncloud_access_control_groups":{"version":0,"block":{"attributes":{"access_control_groups":{"type":["list","string"],"description":"A List of access control group configuration no","description_kind":"plain","optional":true},"configuration_no_list":{"type":["list","string"],"description":"List of ACG configuration numbers you want to get","description_kind":"plain","optional":true},"id":{"type":"string","description_kind":"plain","optional":true,"computed":true},"is_default":{"type":"bool","description_kind":"plain","optional":true,"computed":true},"is_default_group":{"type":"bool","description_kind":"plain","deprecated":true,"optional":true},"name":{"type":"string","description":"Name of the ACG you want to get","description_kind":"plain","optional":true},"output_file":{"type":"string","description_kind":"plain","optional":true}},"description_kind":"plain"}},"ncloud_access_control_rule":{"version":0,"block":{"attributes":{"access_control_group_configuration_no":{"type":"string","description":"Access control group setting number to search","description_kind":"plain","optional":true,"computed":true},"access_control_group_name":{"type":"string","description":"Access control group name to search","description_kind":"plain","optional":true},"configuration_no":{"type":"string","description":"Access control rule configuration no","description_kind":"plain","computed":true},"description":{"type":"string","description":"Access control rule description","description_kind":"plain","computed":true},"destination_port":{"type":"string","description":"Destination Port","description_kind":"plain","optional":true,"computed":true},"id":{"type":"string","description_kind":"plain","optional":true,"computed":true},"is_default_group":{"type":"bool","description":"Whether default group","description_kind":"plain","optional":true},"protocol_type":{"type":"string","description":"Protocol type code","description_kind":"plain","optional":true,"computed":true},"source_configuration_no":{"type":"string","description":"Source access control rule configuration no","description_kind":"plain","computed":true},"source_ip":{"type":"string","description":"Source IP","description_kind":"plain","computed":true},"source_name":{"type":"string","description":"Source access control rule name","description_kind":"plain","computed":true},"source_name_regex":{"type":"string","description":"A regex string to apply to the source access control rule list returned by ncloud","description_kind":"plain","optional":true}},"description_kind":"plain"}},"ncloud_access_control_rules":{"version":0,"block":{"attributes":{"access_control_group_configuration_no":{"type":"string","description":"Access control group setting number to search","description_kind":"plain","required":true},"access_control_rules":{"type":["list","string"],"description":"A list of access control rules configuration no","description_kind":"plain","computed":true},"id":{"type":"string","description_kind":"plain","optional":true,"computed":true},"output_file":{"type":"string","description_kind":"plain","optional":true},"source_name_regex":{"type":"string","description":"A regex string to apply to the ACG rule list returned by ncloud","description_kind":"plain","optional":true}},"description_kind":"plain"}},"ncloud_auto_scaling_group":{"version":0,"block":{"attributes":{"auto_scaling_group_no":{"type":"string","description_kind":"plain","computed":true},"default_cooldown":{"type":"number","description_kind":"plain","computed":true},"desired_capacity":{"type":"number","description_kind":"plain","computed":true},"health_check_grace_period":{"type":"number","description_kind":"plain","computed":true},"health_check_type_code":{"type":"string","description_kind":"plain","computed":true},"id":{"type":"string","description_kind":"plain","optional":true,"computed":true},"launch_configuration_no":{"type":"string","description_kind":"plain","computed":true},"max_size":{"type":"number","description_kind":"plain","computed":true},"min_size":{"type":"number","description_kind":"plain","computed":true},"name":{"type":"string","description_kind":"plain","computed":true},"server_instance_no_list":{"type":["list","string"],"description_kind":"plain","computed":true},"server_name_prefix":{"type":"string","description_kind":"plain","computed":true},"vpc_no":{"type":"string","description_kind":"plain","computed":true}},"block_types":{"filter":{"nesting_mode":"set","block":{"attributes":{"name":{"type":"string","description_kind":"plain","required":true},"regex":{"type":"bool","description_kind":"plain","optional":true},"values":{"type":["list","string"],"description_kind":"plain","required":true}},"description_kind":"plain"}}},"description_kind":"plain"}},"ncloud_auto_scaling_policy":{"version":0,"block":{"attributes":{"adjustment_type_code":{"type":"string","description_kind":"plain","computed":true},"auto_scaling_group_no":{"type":"string","description_kind":"plain","required":true},"cooldown":{"type":"number","description_kind":"plain","computed":true},"id":{"type":"string","description_kind":"plain","optional":true,"computed":true},"name":{"type":"string","description_kind":"plain","computed":true},"scaling_adjustment":{"type":"number","description_kind":"plain","computed":true}},"block_types":{"filter":{"nesting_mode":"set","block":{"attributes":{"name":{"type":"string","description_kind":"plain","required":true},"regex":{"type":"bool","description_kind":"plain","optional":true},"values":{"type":["list","string"],"description_kind":"plain","required":true}},"description_kind":"plain"}}},"description_kind":"plain"}},"ncloud_auto_scaling_schedule":{"version":0,"block":{"attributes":{"auto_scaling_group_no":{"type":"string","description_kind":"plain","required":true},"id":{"type":"string","description_kind":"plain","optional":true,"computed":true},"max_size":{"type":"number","description_kind":"plain","computed":true},"min_size":{"type":"number","description_kind":"plain","computed":true},"name":{"type":"string","description_kind":"plain","computed":true},"time_zone":{"type":"string","description_kind":"plain","computed":true}},"block_types":{"filter":{"nesting_mode":"set","block":{"attributes":{"name":{"type":"string","description_kind":"plain","required":true},"regex":{"type":"bool","description_kind":"plain","optional":true},"values":{"type":["list","string"],"description_kind":"plain","required":true}},"description_kind":"plain"}}},"description_kind":"plain"}},"ncloud_block_storage":{"version":0,"block":{"attributes":{"block_storage_no":{"type":"string","description_kind":"plain","computed":true},"description":{"type":"string","description_kind":"plain","computed":true},"device_name":{"type":"string","description_kind":"plain","computed":true},"disk_detail_type":{"type":"string","description_kind":"plain","computed":true},"disk_type":{"type":"string","description_kind":"plain","computed":true},"id":{"type":"string","description_kind":"plain","optional":true,"computed":true},"name":{"type":"string","description_kind":"plain","computed":true},"product_code":{"type":"string","description_kind":"plain","computed":true},"server_instance_no":{"type":"string","description_kind":"plain","optional":true,"computed":true},"server_name":{"type":"string","description_kind":"plain","computed":true},"size":{"type":"number","description_kind":"plain","computed":true},"status":{"type":"string","description_kind":"plain","computed":true},"type":{"type":"string","description_kind":"plain","computed":true},"zone":{"type":"string","description_kind":"plain","computed":true}},"block_types":{"filter":{"nesting_mode":"set","block":{"attributes":{"name":{"type":"string","description_kind":"plain","required":true},"regex":{"type":"bool","description_kind":"plain","optional":true},"values":{"type":["list","string"],"description_kind":"plain","required":true}},"description_kind":"plain"}}},"description_kind":"plain"}},"ncloud_block_storage_snapshot":{"version":0,"block":{"attributes":{"block_storage_no":{"type":"string","description_kind":"plain","optional":true,"computed":true},"description":{"type":"string","description_kind":"plain","computed":true},"id":{"type":"string","description_kind":"plain","optional":true,"computed":true},"name":{"type":"string","description_kind":"plain","computed":true},"snapshot_no":{"type":"string","description_kind":"plain","computed":true},"volume_size":{"type":"number","description_kind":"plain","computed":true}},"block_types":{"filter":{"nesting_mode":"set","block":{"attributes":{"name":{"type":"string","description_kind":"plain","required":true},"regex":{"type":"bool","description_kind":"plain","optional":true},"values":{"type":["list","string"],"description_kind":"plain","required":true}},"description_kind":"plain"}}},"description_kind":"plain"}},"ncloud_init_script":{"version":0,"block":{"attributes":{"description":{"type":"string","description_kind":"plain","computed":true},"id":{"type":"string","description_kind":"plain","optional":true,"computed":true},"init_script_no":{"type":"string","description_kind":"plain","computed":true},"name":{"type":"string","description_kind":"plain","optional":true,"computed":true},"os_type":{"type":"string","description_kind":"plain","optional":true,"computed":true}},"block_types":{"filter":{"nesting_mode":"set","block":{"attributes":{"name":{"type":"string","description_kind":"plain","required":true},"regex":{"type":"bool","description_kind":"plain","optional":true},"values":{"type":["list","string"],"description_kind":"plain","required":true}},"description_kind":"plain"}}},"description_kind":"plain"}},"ncloud_launch_configuration":{"version":0,"block":{"attributes":{"access_control_group_no_list":{"type":["list","string"],"description_kind":"plain","computed":true},"id":{"type":"string","description_kind":"plain","optional":true,"computed":true},"is_encrypted_volume":{"type":"bool","description_kind":"plain","computed":true},"launch_configuration_no":{"type":"string","description_kind":"plain","computed":true},"login_key_name":{"type":"string","description_kind":"plain","computed":true},"name":{"type":"string","description_kind":"plain","computed":true},"server_product_code":{"type":"string","description_kind":"plain","computed":true}},"block_types":{"filter":{"nesting_mode":"set","block":{"attributes":{"name":{"type":"string","description_kind":"plain","required":true},"regex":{"type":"bool","description_kind":"plain","optional":true},"values":{"type":["list","string"],"description_kind":"plain","required":true}},"description_kind":"plain"}}},"description_kind":"plain"}},"ncloud_lb":{"version":0,"block":{"attributes":{"description":{"type":"string","description_kind":"plain","computed":true},"domain":{"type":"string","description_kind":"plain","computed":true},"id":{"type":"string","description_kind":"plain","optional":true,"computed":true},"idle_timeout":{"type":"number","description_kind":"plain","computed":true},"ip_list":{"type":["list","string"],"description_kind":"plain","computed":true},"listener_no_list":{"type":["list","string"],"description_kind":"plain","computed":true},"load_balancer_no":{"type":"string","description_kind":"plain","computed":true},"name":{"type":"string","description_kind":"plain","computed":true},"network_type":{"type":"string","description_kind":"plain","computed":true},"subnet_no_list":{"type":["list","string"],"description_kind":"plain","computed":true},"throughput_type":{"type":"string","description_kind":"plain","computed":true},"type":{"type":"string","description_kind":"plain","computed":true},"vpc_no":{"type":"string","description_kind":"plain","computed":true}},"block_types":{"filter":{"nesting_mode":"set","block":{"attributes":{"name":{"type":"string","description_kind":"plain","required":true},"regex":{"type":"bool","description_kind":"plain","optional":true},"values":{"type":["list","string"],"description_kind":"plain","required":true}},"description_kind":"plain"}}},"description_kind":"plain"}},"ncloud_lb_listener":{"version":0,"block":{"attributes":{"id":{"type":"string","description_kind":"plain","optional":true,"computed":true},"listener_no":{"type":"string","description_kind":"plain","computed":true},"load_balancer_no":{"type":"string","description_kind":"plain","required":true},"port":{"type":"number","description_kind":"plain","computed":true},"protocol":{"type":"string","description_kind":"plain","computed":true},"rule_no_list":{"type":["list","string"],"description_kind":"plain","computed":true},"ssl_certificate_no":{"type":"string","description_kind":"plain","computed":true},"target_group_no":{"type":"string","description_kind":"plain","computed":true},"tls_min_version_type":{"type":"string","description_kind":"plain","computed":true},"use_http2":{"type":"bool","description_kind":"plain","computed":true}},"block_types":{"filter":{"nesting_mode":"set","block":{"attributes":{"name":{"type":"string","description_kind":"plain","required":true},"regex":{"type":"bool","description_kind":"plain","optional":true},"values":{"type":["list","string"],"description_kind":"plain","required":true}},"description_kind":"plain"}}},"description_kind":"plain"}},"ncloud_lb_target_group":{"version":0,"block":{"attributes":{"algorithm_type":{"type":"string","description_kind":"plain","computed":true},"description":{"type":"string","description_kind":"plain","computed":true},"health_check":{"type":["list",["object",{"cycle":"number","down_threshold":"number","http_method":"string","port":"number","protocol":"string","up_threshold":"number","url_path":"string"}]],"description_kind":"plain","computed":true},"id":{"type":"string","description_kind":"plain","optional":true,"computed":true},"load_balancer_instance_no":{"type":"string","description_kind":"plain","computed":true},"name":{"type":"string","description_kind":"plain","computed":true},"port":{"type":"number","description_kind":"plain","computed":true},"protocol":{"type":"string","description_kind":"plain","computed":true},"target_group_no":{"type":"string","description_kind":"plain","computed":true},"target_no_list":{"type":["list","string"],"description_kind":"plain","computed":true},"target_type":{"type":"string","description_kind":"plain","computed":true},"use_proxy_protocol":{"type":"bool","description_kind":"plain","computed":true},"use_sticky_session":{"type":"bool","description_kind":"plain","computed":true},"vpc_no":{"type":"string","description_kind":"plain","computed":true}},"block_types":{"filter":{"nesting_mode":"set","block":{"attributes":{"name":{"type":"string","description_kind":"plain","required":true},"regex":{"type":"bool","description_kind":"plain","optional":true},"values":{"type":["list","string"],"description_kind":"plain","required":true}},"description_kind":"plain"}}},"description_kind":"plain"}},"ncloud_member_server_image":{"version":0,"block":{"attributes":{"block_storage_total_rows":{"type":"number","description":"Member server image block storage total rows","description_kind":"plain","computed":true},"block_storage_total_size":{"type":"number","description":"Member server image block storage total size","description_kind":"plain","computed":true},"description":{"type":"string","description":"Member server image description","description_kind":"plain","computed":true},"id":{"type":"string","description_kind":"plain","optional":true,"computed":true},"name":{"type":"string","description":"Member server image name","description_kind":"plain","computed":true},"name_regex":{"type":"string","description":"A regex string to apply to the member server image list returned by ncloud","description_kind":"plain","deprecated":true,"optional":true},"no":{"type":"string","description":"Member server image no","description_kind":"plain","computed":true},"no_list":{"type":["list","string"],"description":"List of member server images to view","description_kind":"plain","optional":true},"original_base_block_storage_disk_type":{"type":"string","description":"Original base block storage disk type","description_kind":"plain","computed":true},"original_os_information":{"type":"string","description":"Original os information","description_kind":"plain","computed":true},"original_server_image_name":{"type":"string","description":"Original server image name","description_kind":"plain","computed":true},"original_server_image_product_code":{"type":"string","description":"Original server image product code","description_kind":"plain","computed":true},"original_server_instance_no":{"type":"string","description":"Original server instance no","description_kind":"plain","computed":true},"original_server_name":{"type":"string","description":"Original server name","description_kind":"plain","computed":true},"original_server_product_code":{"type":"string","description":"Original server product code","description_kind":"plain","computed":true},"platform_type":{"type":"string","description":"Member server image platform type","description_kind":"plain","computed":true},"platform_type_code_list":{"type":["list","string"],"description":"List of platform codes of server images to view","description_kind":"plain","optional":true},"region":{"type":"string","description":"Region code. Get available values using the `data ncloud_regions`.","description_kind":"plain","deprecated":true,"optional":true}},"block_types":{"filter":{"nesting_mode":"set","block":{"attributes":{"name":{"type":"string","description_kind":"plain","required":true},"regex":{"type":"bool","description_kind":"plain","optional":true},"values":{"type":["list","string"],"description_kind":"plain","required":true}},"description_kind":"plain"}}},"description_kind":"plain"}},"ncloud_member_server_images":{"version":0,"block":{"attributes":{"id":{"type":"string","description_kind":"plain","optional":true,"computed":true},"member_server_images":{"type":["list","string"],"description":"A list of Member server image no","description_kind":"plain","optional":true},"name_regex":{"type":"string","description":"A regex string to apply to the member server image list returned by ncloud","description_kind":"plain","deprecated":true,"optional":true},"no_list":{"type":["list","string"],"description":"List of member server images to view","description_kind":"plain","optional":true},"output_file":{"type":"string","description":"The name of file that can save data source after running `terraform plan`.","description_kind":"plain","optional":true},"platform_type_code_list":{"type":["list","string"],"description":"List of platform codes of server images to view","description_kind":"plain","optional":true},"region":{"type":"string","description":"Region code. Get available values using the `data ncloud_regions`.","description_kind":"plain","deprecated":true,"optional":true}},"block_types":{"filter":{"nesting_mode":"set","block":{"attributes":{"name":{"type":"string","description_kind":"plain","required":true},"regex":{"type":"bool","description_kind":"plain","optional":true},"values":{"type":["list","string"],"description_kind":"plain","required":true}},"description_kind":"plain"}}},"description_kind":"plain"}},"ncloud_nas_volume":{"version":0,"block":{"attributes":{"custom_ip_list":{"type":["list","string"],"description_kind":"plain","computed":true},"description":{"type":"string","description_kind":"plain","computed":true},"id":{"type":"string","description_kind":"plain","optional":true,"computed":true},"is_encrypted_volume":{"type":"bool","description_kind":"plain","computed":true},"is_event_configuration":{"type":"bool","description_kind":"plain","optional":true,"computed":true},"is_snapshot_configuration":{"type":"bool","description_kind":"plain","optional":true,"computed":true},"mount_information":{"type":"string","description_kind":"plain","computed":true},"name":{"type":"string","description_kind":"plain","computed":true},"nas_volume_no":{"type":"string","description_kind":"plain","computed":true},"server_instance_no_list":{"type":["list","string"],"description_kind":"plain","computed":true},"snapshot_volume_size":{"type":"number","description_kind":"plain","computed":true},"volume_allotment_protocol_type":{"type":"string","description_kind":"plain","computed":true},"volume_allotment_protocol_type_code":{"type":"string","description_kind":"plain","optional":true,"computed":true},"volume_name_postfix":{"type":"string","description_kind":"plain","computed":true},"volume_size":{"type":"number","description_kind":"plain","computed":true},"volume_total_size":{"type":"number","description_kind":"plain","computed":true},"zone":{"type":"string","description":"Zone code. Get available values using the `data ncloud_zones`.","description_kind":"plain","optional":true,"computed":true}},"block_types":{"filter":{"nesting_mode":"set","block":{"attributes":{"name":{"type":"string","description_kind":"plain","required":true},"regex":{"type":"bool","description_kind":"plain","optional":true},"values":{"type":["list","string"],"description_kind":"plain","required":true}},"description_kind":"plain"}}},"description_kind":"plain"}},"ncloud_nas_volumes":{"version":0,"block":{"attributes":{"id":{"type":"string","description_kind":"plain","optional":true,"computed":true},"ids":{"type":["list","string"],"description_kind":"plain","computed":true},"is_event_configuration":{"type":"bool","description_kind":"plain","optional":true},"is_snapshot_configuration":{"type":"bool","description_kind":"plain","optional":true},"nas_volumes":{"type":["list",["object",{"custom_ip_list":["list","string"],"description":"string","id":"string","is_encrypted_volume":"bool","is_event_configuration":"bool","is_snapshot_configuration":"bool","mount_information":"string","name":"string","nas_volume_no":"string","server_instance_no_list":["list","string"],"snapshot_volume_size":"number","volume_allotment_protocol_type":"string","volume_name_postfix":"string","volume_size":"number","volume_total_size":"number","zone":"string"}]],"description_kind":"plain","computed":true},"no_list":{"type":["list","string"],"description_kind":"plain","optional":true,"computed":true},"output_file":{"type":"string","description_kind":"plain","optional":true},"region":{"type":"string","description":"Region code. Get available values using the `data ncloud_regions`.","description_kind":"plain","optional":true},"volume_allotment_protocol_type_code":{"type":"string","description_kind":"plain","optional":true},"zone":{"type":"string","description":"Zone code. Get available values using the `data ncloud_zones`.","description_kind":"plain","optional":true}},"block_types":{"filter":{"nesting_mode":"set","block":{"attributes":{"name":{"type":"string","description_kind":"plain","required":true},"regex":{"type":"bool","description_kind":"plain","optional":true},"values":{"type":["list","string"],"description_kind":"plain","required":true}},"description_kind":"plain"}}},"description_kind":"plain"}},"ncloud_nat_gateway":{"version":0,"block":{"attributes":{"description":{"type":"string","description_kind":"plain","computed":true},"id":{"type":"string","description_kind":"plain","optional":true,"computed":true},"name":{"type":"string","description_kind":"plain","optional":true,"computed":true},"nat_gateway_no":{"type":"string","description_kind":"plain","computed":true},"public_ip":{"type":"string","description_kind":"plain","computed":true},"vpc_name":{"type":"string","description_kind":"plain","optional":true},"vpc_no":{"type":"string","description_kind":"plain","computed":true},"zone":{"type":"string","description_kind":"plain","computed":true}},"block_types":{"filter":{"nesting_mode":"set","block":{"attributes":{"name":{"type":"string","description_kind":"plain","required":true},"regex":{"type":"bool","description_kind":"plain","optional":true},"values":{"type":["list","string"],"description_kind":"plain","required":true}},"description_kind":"plain"}}},"description_kind":"plain"}},"ncloud_network_acls":{"version":0,"block":{"attributes":{"id":{"type":"string","description_kind":"plain","optional":true,"computed":true},"name":{"type":"string","description":"The name of the field to filter by.","description_kind":"plain","optional":true},"network_acl_no":{"type":["list","string"],"description":"List of Network ACL ID to retrieve.","description_kind":"plain","optional":true},"network_acls":{"type":["list",["object",{"description":"string","id":"string","is_default":"bool","name":"string","network_acl_no":"string","vpc_no":"string"}]],"description_kind":"plain","computed":true},"vpc_no":{"type":"string","description":"The VPC ID that you want to filter from.","description_kind":"plain","optional":true}},"block_types":{"filter":{"nesting_mode":"set","block":{"attributes":{"name":{"type":"string","description_kind":"plain","required":true},"regex":{"type":"bool","description_kind":"plain","optional":true},"values":{"type":["list","string"],"description_kind":"plain","required":true}},"description_kind":"plain"}}},"description_kind":"plain"}},"ncloud_network_interface":{"version":0,"block":{"attributes":{"access_control_groups":{"type":["list","string"],"description_kind":"plain","computed":true},"description":{"type":"string","description_kind":"plain","computed":true},"id":{"type":"string","description_kind":"plain","optional":true,"computed":true},"instance_type":{"type":"string","description_kind":"plain","computed":true},"is_default":{"type":"bool","description_kind":"plain","computed":true},"name":{"type":"string","description_kind":"plain","optional":true,"computed":true},"network_interface_no":{"type":"string","description_kind":"plain","computed":true},"private_ip":{"type":"string","description_kind":"plain","optional":true,"computed":true},"server_instance_no":{"type":"string","description_kind":"plain","computed":true},"status":{"type":"string","description_kind":"plain","computed":true},"subnet_no":{"type":"string","description_kind":"plain","computed":true}},"block_types":{"filter":{"nesting_mode":"set","block":{"attributes":{"name":{"type":"string","description_kind":"plain","required":true},"regex":{"type":"bool","description_kind":"plain","optional":true},"values":{"type":["list","string"],"description_kind":"plain","required":true}},"description_kind":"plain"}}},"description_kind":"plain"}},"ncloud_network_interfaces":{"version":0,"block":{"attributes":{"id":{"type":"string","description_kind":"plain","optional":true,"computed":true},"name":{"type":"string","description_kind":"plain","optional":true,"computed":true},"network_interfaces":{"type":["list",["object",{"access_control_groups":["list","string"],"description":"string","id":"string","instance_type":"string","is_default":"bool","name":"string","network_interface_no":"string","private_ip":"string","server_instance_no":"string","status":"string","subnet_no":"string"}]],"description_kind":"plain","computed":true},"private_ip":{"type":"string","description_kind":"plain","optional":true,"computed":true}},"block_types":{"filter":{"nesting_mode":"set","block":{"attributes":{"name":{"type":"string","description_kind":"plain","required":true},"regex":{"type":"bool","description_kind":"plain","optional":true},"values":{"type":["list","string"],"description_kind":"plain","required":true}},"description_kind":"plain"}}},"description_kind":"plain"}},"ncloud_placement_group":{"version":0,"block":{"attributes":{"id":{"type":"string","description_kind":"plain","optional":true,"computed":true},"name":{"type":"string","description_kind":"plain","optional":true,"computed":true},"placement_group_no":{"type":"string","description_kind":"plain","computed":true},"placement_group_type":{"type":"string","description_kind":"plain","optional":true,"computed":true}},"block_types":{"filter":{"nesting_mode":"set","block":{"attributes":{"name":{"type":"string","description_kind":"plain","required":true},"regex":{"type":"bool","description_kind":"plain","optional":true},"values":{"type":["list","string"],"description_kind":"plain","required":true}},"description_kind":"plain"}}},"description_kind":"plain"}},"ncloud_port_forwarding_rule":{"version":0,"block":{"attributes":{"id":{"type":"string","description_kind":"plain","optional":true,"computed":true},"internet_line_type_code":{"type":"string","description":"Internet line code. PUBLC(Public), GLBL(Global)","description_kind":"plain","deprecated":true,"optional":true},"port_forwarding_configuration_no":{"type":"string","description":"Port forwarding configuration number.","description_kind":"plain","computed":true},"port_forwarding_external_port":{"type":"string","description":"Port forwarding external port.","description_kind":"plain","optional":true,"computed":true},"port_forwarding_internal_port":{"type":"string","description":"Port forwarding internal port.","description_kind":"plain","optional":true,"computed":true},"port_forwarding_public_ip":{"type":"string","description":"Port forwarding public ip","description_kind":"plain","computed":true},"region":{"type":"string","description":"Region code. Get available values using the `data ncloud_regions`.","description_kind":"plain","optional":true},"server_instance_no":{"type":"string","description":"Server instance number","description_kind":"plain","optional":true,"computed":true},"zone":{"type":"string","description":"Zone code. Get available values using the `data ncloud_zones`.","description_kind":"plain","optional":true}},"description_kind":"plain"}},"ncloud_port_forwarding_rules":{"version":0,"block":{"attributes":{"id":{"type":"string","description_kind":"plain","optional":true,"computed":true},"internet_line_type_code":{"type":"string","description":"Internet line code. PUBLC(Public), GLBL(Global)","description_kind":"plain","deprecated":true,"optional":true},"output_file":{"type":"string","description_kind":"plain","optional":true},"port_forwarding_configuration_no":{"type":"string","description":"Port forwarding configuration number.","description_kind":"plain","computed":true},"port_forwarding_internal_port":{"type":"string","description":"Port forwarding internal port.","description_kind":"plain","optional":true},"port_forwarding_rule_list":{"type":["list",["object",{"port_forwarding_external_port":"string","port_forwarding_internal_port":"string","port_forwarding_public_ip":"string","server_instance_no":"string"}]],"description":"Port forwarding rule list","description_kind":"plain","computed":true},"region":{"type":"string","description":"Region code. Get available values using the `data ncloud_regions`.","description_kind":"plain","optional":true},"zone":{"type":"string","description":"Zone code. Get available values using the `data ncloud_zones`.","description_kind":"plain","optional":true}},"description_kind":"plain"}},"ncloud_public_ip":{"version":0,"block":{"attributes":{"description":{"type":"string","description_kind":"plain","computed":true},"id":{"type":"string","description_kind":"plain","optional":true,"computed":true},"instance_no":{"type":"string","description_kind":"plain","deprecated":true,"computed":true},"instance_no_list":{"type":["list","string"],"description_kind":"plain","deprecated":true,"optional":true},"internet_line_type":{"type":"string","description_kind":"plain","deprecated":true,"optional":true,"computed":true},"is_associated":{"type":"bool","description_kind":"plain","optional":true},"kind_type":{"type":"string","description_kind":"plain","computed":true},"list":{"type":["list","string"],"description_kind":"plain","deprecated":true,"optional":true},"public_ip":{"type":"string","description_kind":"plain","computed":true},"public_ip_no":{"type":"string","description_kind":"plain","computed":true},"region":{"type":"string","description_kind":"plain","deprecated":true,"optional":true},"search_filter_name":{"type":"string","description_kind":"plain","deprecated":true,"optional":true},"search_filter_value":{"type":"string","description_kind":"plain","deprecated":true,"optional":true},"server_instance_no":{"type":"string","description_kind":"plain","computed":true},"server_name":{"type":"string","description_kind":"plain","computed":true},"sorted_by":{"type":"string","description_kind":"plain","deprecated":true,"optional":true},"sorting_order":{"type":"string","description_kind":"plain","deprecated":true,"optional":true},"zone":{"type":"string","description_kind":"plain","optional":true,"computed":true}},"block_types":{"filter":{"nesting_mode":"set","block":{"attributes":{"name":{"type":"string","description_kind":"plain","required":true},"regex":{"type":"bool","description_kind":"plain","optional":true},"values":{"type":["list","string"],"description_kind":"plain","required":true}},"description_kind":"plain"}}},"description_kind":"plain"}},"ncloud_regions":{"version":0,"block":{"attributes":{"code":{"type":"string","description_kind":"plain","optional":true},"id":{"type":"string","description_kind":"plain","optional":true,"computed":true},"output_file":{"type":"string","description_kind":"plain","optional":true}},"block_types":{"filter":{"nesting_mode":"set","block":{"attributes":{"name":{"type":"string","description_kind":"plain","required":true},"regex":{"type":"bool","description_kind":"plain","optional":true},"values":{"type":["list","string"],"description_kind":"plain","required":true}},"description_kind":"plain"}},"regions":{"nesting_mode":"list","block":{"attributes":{"region_code":{"type":"string","description_kind":"plain","computed":true},"region_name":{"type":"string","description_kind":"plain","computed":true},"region_no":{"type":"string","description_kind":"plain","computed":true}},"description_kind":"plain"}}},"description_kind":"plain"}},"ncloud_root_password":{"version":0,"block":{"attributes":{"id":{"type":"string","description_kind":"plain","optional":true,"computed":true},"private_key":{"type":"string","description_kind":"plain","required":true,"sensitive":true},"root_password":{"type":"string","description_kind":"plain","computed":true,"sensitive":true},"server_instance_no":{"type":"string","description_kind":"plain","required":true}},"description_kind":"plain"}},"ncloud_route_table":{"version":0,"block":{"attributes":{"description":{"type":"string","description_kind":"plain","computed":true},"id":{"type":"string","description_kind":"plain","optional":true,"computed":true},"is_default":{"type":"bool","description_kind":"plain","computed":true},"name":{"type":"string","description_kind":"plain","optional":true,"computed":true},"route_table_no":{"type":"string","description_kind":"plain","computed":true},"supported_subnet_type":{"type":"string","description_kind":"plain","optional":true,"computed":true},"vpc_no":{"type":"string","description_kind":"plain","optional":true,"computed":true}},"block_types":{"filter":{"nesting_mode":"set","block":{"attributes":{"name":{"type":"string","description_kind":"plain","required":true},"regex":{"type":"bool","description_kind":"plain","optional":true},"values":{"type":["list","string"],"description_kind":"plain","required":true}},"description_kind":"plain"}}},"description_kind":"plain"}},"ncloud_route_tables":{"version":0,"block":{"attributes":{"id":{"type":"string","description_kind":"plain","optional":true,"computed":true},"name":{"type":"string","description_kind":"plain","optional":true},"route_tables":{"type":["list",["object",{"description":"string","id":"string","is_default":"bool","name":"string","route_table_no":"string","supported_subnet_type":"string","vpc_no":"string"}]],"description_kind":"plain","computed":true},"supported_subnet_type":{"type":"string","description_kind":"plain","optional":true},"vpc_no":{"type":"string","description_kind":"plain","optional":true}},"block_types":{"filter":{"nesting_mode":"set","block":{"attributes":{"name":{"type":"string","description_kind":"plain","required":true},"regex":{"type":"bool","description_kind":"plain","optional":true},"values":{"type":["list","string"],"description_kind":"plain","required":true}},"description_kind":"plain"}}},"description_kind":"plain"}},"ncloud_server":{"version":0,"block":{"attributes":{"base_block_storage_disk_detail_type":{"type":"string","description_kind":"plain","computed":true},"base_block_storage_disk_type":{"type":"string","description_kind":"plain","computed":true},"base_block_storage_size":{"type":"number","description_kind":"plain","computed":true},"cpu_count":{"type":"number","description_kind":"plain","computed":true},"description":{"type":"string","description_kind":"plain","computed":true},"id":{"type":"string","description_kind":"plain","optional":true,"computed":true},"init_script_no":{"type":"string","description_kind":"plain","computed":true},"instance_no":{"type":"string","description_kind":"plain","computed":true},"internet_line_type":{"type":"string","description_kind":"plain","deprecated":true,"computed":true},"is_encrypted_base_block_storage_volume":{"type":"bool","description_kind":"plain","computed":true},"is_fee_charging_monitoring":{"type":"bool","description_kind":"plain","deprecated":true,"computed":true},"is_protect_server_termination":{"type":"bool","description_kind":"plain","computed":true},"login_key_name":{"type":"string","description_kind":"plain","computed":true},"memory_size":{"type":"number","description_kind":"plain","computed":true},"name":{"type":"string","description_kind":"plain","computed":true},"network_interface":{"type":["list",["object",{"network_interface_no":"string","order":"number","private_ip":"string","subnet_no":"string"}]],"description_kind":"plain","computed":true},"placement_group_no":{"type":"string","description_kind":"plain","computed":true},"platform_type":{"type":"string","description_kind":"plain","computed":true},"port_forwarding_external_port":{"type":"number","description_kind":"plain","computed":true},"port_forwarding_internal_port":{"type":"number","description_kind":"plain","computed":true},"port_forwarding_public_ip":{"type":"string","description_kind":"plain","computed":true},"private_ip":{"type":"string","description_kind":"plain","computed":true},"public_ip":{"type":"string","description_kind":"plain","computed":true},"region":{"type":"string","description_kind":"plain","deprecated":true,"computed":true},"server_image_name":{"type":"string","description_kind":"plain","computed":true},"server_image_product_code":{"type":"string","description_kind":"plain","computed":true},"server_product_code":{"type":"string","description_kind":"plain","computed":true},"subnet_no":{"type":"string","description_kind":"plain","computed":true},"vpc_no":{"type":"string","description_kind":"plain","computed":true},"zone":{"type":"string","description_kind":"plain","computed":true}},"block_types":{"filter":{"nesting_mode":"set","block":{"attributes":{"name":{"type":"string","description_kind":"plain","required":true},"regex":{"type":"bool","description_kind":"plain","optional":true},"values":{"type":["list","string"],"description_kind":"plain","required":true}},"description_kind":"plain"}}},"description_kind":"plain"}},"ncloud_server_image":{"version":0,"block":{"attributes":{"base_block_storage_size":{"type":"string","description_kind":"plain","computed":true},"exclusion_product_code":{"type":"string","description_kind":"plain","deprecated":true,"optional":true},"id":{"type":"string","description_kind":"plain","optional":true,"computed":true},"infra_resource_detail_type_code":{"type":"string","description_kind":"plain","optional":true,"computed":true},"infra_resource_type":{"type":"string","description_kind":"plain","computed":true},"os_information":{"type":"string","description_kind":"plain","computed":true},"platform_type":{"type":"string","description_kind":"plain","optional":true,"computed":true},"platform_type_code_list":{"type":["list","string"],"description_kind":"plain","deprecated":true,"optional":true},"product_code":{"type":"string","description_kind":"plain","optional":true,"computed":true},"product_description":{"type":"string","description_kind":"plain","computed":true},"product_name":{"type":"string","description_kind":"plain","computed":true},"product_name_regex":{"type":"string","description_kind":"plain","deprecated":true,"optional":true},"product_type":{"type":"string","description_kind":"plain","computed":true}},"block_types":{"filter":{"nesting_mode":"set","block":{"attributes":{"name":{"type":"string","description_kind":"plain","required":true},"regex":{"type":"bool","description_kind":"plain","optional":true},"values":{"type":["list","string"],"description_kind":"plain","required":true}},"description_kind":"plain"}}},"description_kind":"plain"}},"ncloud_server_images":{"version":0,"block":{"attributes":{"block_storage_size":{"type":"number","description_kind":"plain","deprecated":true,"optional":true},"exclusion_product_code":{"type":"string","description_kind":"plain","deprecated":true,"optional":true},"id":{"type":"string","description_kind":"plain","optional":true,"computed":true},"ids":{"type":["list","string"],"description_kind":"plain","computed":true},"infra_resource_detail_type_code":{"type":"string","description_kind":"plain","optional":true,"computed":true},"output_file":{"type":"string","description_kind":"plain","optional":true},"platform_type":{"type":"string","description_kind":"plain","optional":true,"computed":true},"product_code":{"type":"string","description_kind":"plain","optional":true,"computed":true},"product_name_regex":{"type":"string","description_kind":"plain","deprecated":true,"optional":true},"region":{"type":"string","description_kind":"plain","deprecated":true,"optional":true},"server_images":{"type":["list",["object",{"base_block_storage_size":"string","id":"string","infra_resource_detail_type_code":"string","infra_resource_type":"string","os_information":"string","platform_type":"string","product_code":"string","product_description":"string","product_name":"string","product_type":"string"}]],"description_kind":"plain","computed":true}},"block_types":{"filter":{"nesting_mode":"set","block":{"attributes":{"name":{"type":"string","description_kind":"plain","required":true},"regex":{"type":"bool","description_kind":"plain","optional":true},"values":{"type":["list","string"],"description_kind":"plain","required":true}},"description_kind":"plain"}}},"description_kind":"plain"}},"ncloud_server_product":{"version":0,"block":{"attributes":{"base_block_storage_size":{"type":"string","description_kind":"plain","computed":true},"cpu_count":{"type":"number","description_kind":"plain","computed":true},"disk_type":{"type":"string","description_kind":"plain","computed":true},"exclusion_product_code":{"type":"string","description_kind":"plain","deprecated":true,"optional":true},"generation_code":{"type":"string","description_kind":"plain","computed":true},"id":{"type":"string","description_kind":"plain","optional":true,"computed":true},"infra_resource_type":{"type":"string","description_kind":"plain","computed":true},"internet_line_type_code":{"type":"string","description_kind":"plain","deprecated":true,"optional":true},"memory_size":{"type":"string","description_kind":"plain","computed":true},"product_code":{"type":"string","description_kind":"plain","optional":true,"computed":true},"product_description":{"type":"string","description_kind":"plain","computed":true},"product_name":{"type":"string","description_kind":"plain","computed":true},"product_name_regex":{"type":"string","description_kind":"plain","deprecated":true,"optional":true},"product_type":{"type":"string","description_kind":"plain","computed":true},"server_image_product_code":{"type":"string","description_kind":"plain","required":true},"zone":{"type":"string","description_kind":"plain","optional":true}},"block_types":{"filter":{"nesting_mode":"set","block":{"attributes":{"name":{"type":"string","description_kind":"plain","required":true},"regex":{"type":"bool","description_kind":"plain","optional":true},"values":{"type":["list","string"],"description_kind":"plain","required":true}},"description_kind":"plain"}}},"description_kind":"plain"}},"ncloud_server_products":{"version":0,"block":{"attributes":{"exclusion_product_code":{"type":"string","description_kind":"plain","deprecated":true,"optional":true},"id":{"type":"string","description_kind":"plain","optional":true,"computed":true},"ids":{"type":["list","string"],"description_kind":"plain","computed":true},"internet_line_type_code":{"type":"string","description_kind":"plain","deprecated":true,"optional":true},"output_file":{"type":"string","description_kind":"plain","optional":true},"product_code":{"type":"string","description_kind":"plain","optional":true,"computed":true},"product_name_regex":{"type":"string","description_kind":"plain","deprecated":true,"optional":true},"server_image_product_code":{"type":"string","description_kind":"plain","required":true},"server_products":{"type":["list",["object",{"base_block_storage_size":"string","cpu_count":"number","disk_type":"string","generation_code":"string","id":"string","infra_resource_type":"string","memory_size":"string","product_code":"string","product_description":"string","product_name":"string","product_type":"string","server_image_product_code":"string"}]],"description_kind":"plain","computed":true},"zone":{"type":"string","description_kind":"plain","optional":true}},"block_types":{"filter":{"nesting_mode":"set","block":{"attributes":{"name":{"type":"string","description_kind":"plain","required":true},"regex":{"type":"bool","description_kind":"plain","optional":true},"values":{"type":["list","string"],"description_kind":"plain","required":true}},"description_kind":"plain"}}},"description_kind":"plain"}},"ncloud_subnet":{"version":0,"block":{"attributes":{"id":{"type":"string","description_kind":"plain","optional":true,"computed":true},"name":{"type":"string","description":"Subnet name to create. default: Assigned by NAVER CLOUD PLATFORM.","description_kind":"plain","computed":true},"network_acl_no":{"type":"string","description_kind":"plain","optional":true,"computed":true},"subnet":{"type":"string","description_kind":"plain","optional":true,"computed":true},"subnet_no":{"type":"string","description_kind":"plain","computed":true},"subnet_type":{"type":"string","description_kind":"plain","optional":true,"computed":true},"usage_type":{"type":"string","description_kind":"plain","optional":true,"computed":true},"vpc_no":{"type":"string","description_kind":"plain","optional":true,"computed":true},"zone":{"type":"string","description_kind":"plain","optional":true,"computed":true}},"block_types":{"filter":{"nesting_mode":"set","block":{"attributes":{"name":{"type":"string","description_kind":"plain","required":true},"regex":{"type":"bool","description_kind":"plain","optional":true},"values":{"type":["list","string"],"description_kind":"plain","required":true}},"description_kind":"plain"}}},"description_kind":"plain"}},"ncloud_subnets":{"version":0,"block":{"attributes":{"id":{"type":"string","description_kind":"plain","optional":true,"computed":true},"network_acl_no":{"type":"string","description":"Network ACL No. Get available values using the `default_network_acl_no` from Resource `ncloud_vpc` or Data source `data.ncloud_network_acls`.","description_kind":"plain","optional":true},"subnet":{"type":"string","description":"The CIDR block for the subnet.","description_kind":"plain","optional":true},"subnet_no":{"type":["list","string"],"description":"List of subnet ID to retrieve","description_kind":"plain","optional":true},"subnet_type":{"type":"string","description":"Internet Gateway Only. PUBLC(Yes/Public), PRIVATE(No/Private).","description_kind":"plain","optional":true},"subnets":{"type":["list",["object",{"id":"string","name":"string","network_acl_no":"string","subnet":"string","subnet_no":"string","subnet_type":"string","vpc_no":"string","zone":"string"}]],"description_kind":"plain","computed":true},"usage_type":{"type":"string","description":"Usage type. GEN(Normal), LOADB(Load Balance), BM(BareMetal). default : GEN(Normal).","description_kind":"plain","optional":true},"vpc_no":{"type":"string","description":"The VPC ID that you want to filter from","description_kind":"plain","optional":true},"zone":{"type":"string","description":"Available Zone. Get available values using the `data ncloud_zones`.","description_kind":"plain","optional":true}},"block_types":{"filter":{"nesting_mode":"set","block":{"attributes":{"name":{"type":"string","description_kind":"plain","required":true},"regex":{"type":"bool","description_kind":"plain","optional":true},"values":{"type":["list","string"],"description_kind":"plain","required":true}},"description_kind":"plain"}}},"description_kind":"plain"}},"ncloud_vpc":{"version":0,"block":{"attributes":{"default_access_control_group_no":{"type":"string","description_kind":"plain","computed":true},"default_network_acl_no":{"type":"string","description_kind":"plain","computed":true},"default_private_route_table_no":{"type":"string","description_kind":"plain","computed":true},"default_public_route_table_no":{"type":"string","description_kind":"plain","computed":true},"id":{"type":"string","description_kind":"plain","optional":true,"computed":true},"ipv4_cidr_block":{"type":"string","description":"The CIDR block for the vpc.","description_kind":"plain","computed":true},"name":{"type":"string","description_kind":"plain","optional":true,"computed":true},"vpc_no":{"type":"string","description_kind":"plain","computed":true}},"block_types":{"filter":{"nesting_mode":"set","block":{"attributes":{"name":{"type":"string","description_kind":"plain","required":true},"regex":{"type":"bool","description_kind":"plain","optional":true},"values":{"type":["list","string"],"description_kind":"plain","required":true}},"description_kind":"plain"}}},"description_kind":"plain"}},"ncloud_vpc_peering":{"version":0,"block":{"attributes":{"description":{"type":"string","description_kind":"plain","computed":true},"has_reverse_vpc_peering":{"type":"bool","description_kind":"plain","computed":true},"id":{"type":"string","description_kind":"plain","optional":true,"computed":true},"is_between_accounts":{"type":"bool","description_kind":"plain","computed":true},"name":{"type":"string","description_kind":"plain","optional":true,"computed":true},"source_vpc_name":{"type":"string","description_kind":"plain","optional":true,"computed":true},"source_vpc_no":{"type":"string","description_kind":"plain","computed":true},"target_vpc_login_id":{"type":"string","description_kind":"plain","computed":true},"target_vpc_name":{"type":"string","description_kind":"plain","optional":true,"computed":true},"target_vpc_no":{"type":"string","description_kind":"plain","computed":true},"vpc_peering_no":{"type":"string","description_kind":"plain","computed":true}},"block_types":{"filter":{"nesting_mode":"set","block":{"attributes":{"name":{"type":"string","description_kind":"plain","required":true},"regex":{"type":"bool","description_kind":"plain","optional":true},"values":{"type":["list","string"],"description_kind":"plain","required":true}},"description_kind":"plain"}}},"description_kind":"plain"}},"ncloud_vpcs":{"version":0,"block":{"attributes":{"id":{"type":"string","description_kind":"plain","optional":true,"computed":true},"name":{"type":"string","description_kind":"plain","optional":true},"vpc_no":{"type":"string","description_kind":"plain","optional":true},"vpcs":{"type":["list",["object",{"default_access_control_group_no":"string","default_network_acl_no":"string","default_private_route_table_no":"string","default_public_route_table_no":"string","id":"string","ipv4_cidr_block":"string","name":"string","vpc_no":"string"}]],"description_kind":"plain","computed":true}},"block_types":{"filter":{"nesting_mode":"set","block":{"attributes":{"name":{"type":"string","description_kind":"plain","required":true},"regex":{"type":"bool","description_kind":"plain","optional":true},"values":{"type":["list","string"],"description_kind":"plain","required":true}},"description_kind":"plain"}}},"description_kind":"plain"}},"ncloud_zones":{"version":0,"block":{"attributes":{"id":{"type":"string","description_kind":"plain","optional":true,"computed":true},"output_file":{"type":"string","description_kind":"plain","optional":true},"region":{"type":"string","description":"Region code. Get available values using the `data ncloud_regions`.","description_kind":"plain","optional":true},"zones":{"type":["list",["object",{"region_code":"string","region_no":"string","zone_code":"string","zone_description":"string","zone_name":"string","zone_no":"string"}]],"description_kind":"plain","computed":true}},"block_types":{"filter":{"nesting_mode":"set","block":{"attributes":{"name":{"type":"string","description_kind":"plain","required":true},"regex":{"type":"bool","description_kind":"plain","optional":true},"values":{"type":["list","string"],"description_kind":"plain","required":true}},"description_kind":"plain"}}},"description_kind":"plain"}}}}}}
