{"format_version":"0.2","provider_schemas":{"registry.terraform.io/netapp/netapp-elementsw":{"provider":{"version":0,"block":{"attributes":{"api_version":{"type":"string","description":"The ElementSW server API version.","description_kind":"plain","required":true},"elementsw_server":{"type":"string","description":"The ElementSW server name for ElementSW API operations.","description_kind":"plain","required":true},"password":{"type":"string","description":"The user password for ElementSW API operations.","description_kind":"plain","required":true},"username":{"type":"string","description":"The user name for ElementSW API operations.","description_kind":"plain","required":true}},"description_kind":"plain"}},"resource_schemas":{"elementsw_account":{"version":0,"block":{"attributes":{"attributes":{"type":["list","string"],"description_kind":"plain","optional":true},"id":{"type":"string","description_kind":"plain","optional":true,"computed":true},"initiator_secret":{"type":"string","description_kind":"plain","optional":true,"computed":true},"target_secret":{"type":"string","description_kind":"plain","optional":true,"computed":true},"username":{"type":"string","description_kind":"plain","required":true}},"description_kind":"plain"}},"elementsw_initiator":{"version":0,"block":{"attributes":{"alias":{"type":"string","description_kind":"plain","optional":true},"attributes":{"type":["list","string"],"description_kind":"plain","optional":true},"id":{"type":"string","description_kind":"plain","optional":true,"computed":true},"iqns":{"type":["list","string"],"description_kind":"plain","optional":true},"name":{"type":"string","description_kind":"plain","required":true},"volume_access_group_id":{"type":"number","description_kind":"plain","optional":true}},"description_kind":"plain"}},"elementsw_volume":{"version":0,"block":{"attributes":{"account":{"type":"string","description_kind":"plain","required":true},"attributes":{"type":["list","string"],"description_kind":"plain","optional":true},"burst_iops":{"type":"number","description_kind":"plain","optional":true},"enable512e":{"type":"bool","description_kind":"plain","required":true},"id":{"type":"string","description_kind":"plain","optional":true,"computed":true},"iqn":{"type":"string","description_kind":"plain","computed":true},"max_iops":{"type":"number","description_kind":"plain","optional":true},"min_iops":{"type":"number","description_kind":"plain","optional":true},"name":{"type":"string","description_kind":"plain","required":true},"total_size":{"type":"number","description_kind":"plain","required":true}},"description_kind":"plain"}},"elementsw_volume_access_group":{"version":0,"block":{"attributes":{"attributes":{"type":["list","string"],"description_kind":"plain","optional":true},"id":{"type":"string","description_kind":"plain","optional":true,"computed":true},"initiators":{"type":["list","string"],"description_kind":"plain","computed":true},"name":{"type":"string","description_kind":"plain","required":true},"volumes":{"type":["list","number"],"description_kind":"plain","optional":true}},"description_kind":"plain"}}}}}}
