{"format_version":"0.2","provider_schemas":{"registry.terraform.io/netapp/netapp-cloudmanager":{"provider":{"version":0,"block":{"attributes":{"environment":{"type":"string","description":"The environment for OCCM operations.","description_kind":"plain","optional":true},"refresh_token":{"type":"string","description":"The refresh_token for OCCM operations.","description_kind":"plain","optional":true},"sa_client_id":{"type":"string","description":"The environment for OCCM operations.","description_kind":"plain","optional":true},"sa_secret_key":{"type":"string","description":"The environment for OCCM operations.","description_kind":"plain","optional":true},"simulator":{"type":"bool","description":"The environment for OCCM operations.","description_kind":"plain","optional":true}},"description_kind":"plain"}},"resource_schemas":{"netapp-cloudmanager_aggregate":{"version":0,"block":{"attributes":{"capacity_tier":{"type":"string","description_kind":"plain","optional":true},"client_id":{"type":"string","description_kind":"plain","required":true},"disk_size_size":{"type":"number","description_kind":"plain","optional":true},"disk_size_unit":{"type":"string","description_kind":"plain","optional":true},"home_node":{"type":"string","description_kind":"plain","optional":true},"id":{"type":"string","description_kind":"plain","optional":true,"computed":true},"iops":{"type":"number","description_kind":"plain","optional":true},"name":{"type":"string","description_kind":"plain","required":true},"number_of_disks":{"type":"number","description_kind":"plain","required":true},"provider_volume_type":{"type":"string","description_kind":"plain","optional":true},"throughput":{"type":"number","description_kind":"plain","optional":true},"working_environment_id":{"type":"string","description_kind":"plain","optional":true},"working_environment_name":{"type":"string","description_kind":"plain","optional":true}},"description_kind":"plain"}},"netapp-cloudmanager_anf_volume":{"version":0,"block":{"attributes":{"account":{"type":"string","description_kind":"plain","optional":true},"capacity_pool":{"type":"string","description_kind":"plain","required":true},"client_id":{"type":"string","description_kind":"plain","required":true},"id":{"type":"string","description_kind":"plain","optional":true,"computed":true},"location":{"type":"string","description_kind":"plain","required":true},"name":{"type":"string","description_kind":"plain","required":true},"netapp_account":{"type":"string","description_kind":"plain","required":true},"protocol_types":{"type":["set","string"],"description_kind":"plain","required":true},"resource_groups":{"type":"string","description_kind":"plain","required":true},"service_level":{"type":"string","description_kind":"plain","required":true},"size":{"type":"number","description_kind":"plain","required":true},"size_unit":{"type":"string","description_kind":"plain","required":true},"subnet":{"type":"string","description_kind":"plain","required":true},"subscription":{"type":"string","description_kind":"plain","required":true},"virtual_network":{"type":"string","description_kind":"plain","required":true},"volume_path":{"type":"string","description_kind":"plain","required":true},"working_environment_name":{"type":"string","description_kind":"plain","required":true}},"block_types":{"export_policy":{"nesting_mode":"list","block":{"block_types":{"rule":{"nesting_mode":"list","block":{"attributes":{"allowed_clients":{"type":"string","description_kind":"plain","optional":true},"cifs":{"type":"bool","description_kind":"plain","optional":true},"nfsv3":{"type":"bool","description_kind":"plain","optional":true},"nfsv41":{"type":"bool","description_kind":"plain","optional":true},"rule_index":{"type":"number","description_kind":"plain","optional":true},"unix_read_only":{"type":"bool","description_kind":"plain","optional":true},"unix_read_write":{"type":"bool","description_kind":"plain","optional":true}},"description_kind":"plain"}}},"description_kind":"plain"}}},"description_kind":"plain"}},"netapp-cloudmanager_aws_fsx":{"version":0,"block":{"attributes":{"aws_credentials_name":{"type":"string","description_kind":"plain","required":true},"endpoint_ip_address_range":{"type":"string","description_kind":"plain","optional":true},"fsx_admin_password":{"type":"string","description_kind":"plain","required":true,"sensitive":true},"id":{"type":"string","description_kind":"plain","optional":true,"computed":true},"kms_key_id":{"type":"string","description_kind":"plain","optional":true},"minimum_ssd_iops":{"type":"number","description_kind":"plain","optional":true},"name":{"type":"string","description_kind":"plain","required":true},"primary_subnet_id":{"type":"string","description_kind":"plain","required":true},"region":{"type":"string","description_kind":"plain","required":true},"route_table_ids":{"type":["list","string"],"description_kind":"plain","optional":true},"secondary_subnet_id":{"type":"string","description_kind":"plain","required":true},"security_group_ids":{"type":["list","string"],"description_kind":"plain","optional":true},"storage_capacity_size":{"type":"number","description_kind":"plain","optional":true},"storage_capacity_size_unit":{"type":"string","description_kind":"plain","optional":true},"tenant_id":{"type":"string","description_kind":"plain","optional":true},"throughput_capacity":{"type":"number","description_kind":"plain","required":true},"workspace_id":{"type":"string","description_kind":"plain","required":true}},"block_types":{"tags":{"nesting_mode":"set","block":{"attributes":{"tag_key":{"type":"string","description_kind":"plain","required":true},"tag_value":{"type":"string","description_kind":"plain","optional":true}},"description_kind":"plain"}}},"description_kind":"plain"}},"netapp-cloudmanager_cifs_server":{"version":0,"block":{"attributes":{"client_id":{"type":"string","description_kind":"plain","required":true},"dns_domain":{"type":"string","description_kind":"plain","optional":true},"domain":{"type":"string","description_kind":"plain","optional":true},"id":{"type":"string","description_kind":"plain","optional":true,"computed":true},"ip_addresses":{"type":["set","string"],"description_kind":"plain","optional":true},"is_workgroup":{"type":"bool","description_kind":"plain","optional":true},"netbios":{"type":"string","description_kind":"plain","optional":true},"organizational_unit":{"type":"string","description_kind":"plain","optional":true},"password":{"type":"string","description_kind":"plain","optional":true},"server_name":{"type":"string","description_kind":"plain","optional":true},"svm_name":{"type":"string","description_kind":"plain","optional":true},"username":{"type":"string","description_kind":"plain","optional":true},"workgroup_name":{"type":"string","description_kind":"plain","optional":true},"working_environment_id":{"type":"string","description_kind":"plain","optional":true},"working_environment_name":{"type":"string","description_kind":"plain","optional":true}},"description_kind":"plain"}},"netapp-cloudmanager_connector_aws":{"version":0,"block":{"attributes":{"account_id":{"type":"string","description_kind":"plain","optional":true,"computed":true},"ami":{"type":"string","description_kind":"plain","optional":true},"associate_public_ip_address":{"type":"bool","description_kind":"plain","optional":true},"client_id":{"type":"string","description_kind":"plain","computed":true},"company":{"type":"string","description_kind":"plain","required":true},"enable_termination_protection":{"type":"bool","description_kind":"plain","optional":true},"iam_instance_profile_name":{"type":"string","description_kind":"plain","required":true},"id":{"type":"string","description_kind":"plain","optional":true,"computed":true},"instance_type":{"type":"string","description_kind":"plain","optional":true},"key_name":{"type":"string","description_kind":"plain","required":true},"name":{"type":"string","description_kind":"plain","required":true},"proxy_certificates":{"type":["list","string"],"description_kind":"plain","optional":true},"proxy_password":{"type":"string","description_kind":"plain","optional":true},"proxy_url":{"type":"string","description_kind":"plain","optional":true},"proxy_user_name":{"type":"string","description_kind":"plain","optional":true},"region":{"type":"string","description_kind":"plain","required":true},"security_group_id":{"type":"string","description_kind":"plain","required":true},"subnet_id":{"type":"string","description_kind":"plain","required":true}},"block_types":{"aws_tag":{"nesting_mode":"set","block":{"attributes":{"tag_key":{"type":"string","description_kind":"plain","required":true},"tag_value":{"type":"string","description_kind":"plain","optional":true}},"description_kind":"plain"}}},"description_kind":"plain"}},"netapp-cloudmanager_connector_azure":{"version":0,"block":{"attributes":{"account_id":{"type":"string","description_kind":"plain","optional":true,"computed":true},"admin_password":{"type":"string","description_kind":"plain","required":true,"sensitive":true},"admin_username":{"type":"string","description_kind":"plain","required":true},"associate_public_ip_address":{"type":"bool","description_kind":"plain","optional":true},"client_id":{"type":"string","description_kind":"plain","computed":true},"company":{"type":"string","description_kind":"plain","required":true},"id":{"type":"string","description_kind":"plain","optional":true,"computed":true},"location":{"type":"string","description_kind":"plain","required":true},"name":{"type":"string","description_kind":"plain","required":true},"network_security_group_name":{"type":"string","description_kind":"plain","required":true},"network_security_resource_group":{"type":"string","description_kind":"plain","optional":true},"proxy_certificates":{"type":["list","string"],"description_kind":"plain","optional":true},"proxy_password":{"type":"string","description_kind":"plain","optional":true},"proxy_url":{"type":"string","description_kind":"plain","optional":true},"proxy_user_name":{"type":"string","description_kind":"plain","optional":true},"resource_group":{"type":"string","description_kind":"plain","required":true},"subnet_id":{"type":"string","description_kind":"plain","required":true},"subscription_id":{"type":"string","description_kind":"plain","required":true},"virtual_machine_size":{"type":"string","description_kind":"plain","optional":true},"vnet_id":{"type":"string","description_kind":"plain","required":true},"vnet_resource_group":{"type":"string","description_kind":"plain","optional":true}},"description_kind":"plain"}},"netapp-cloudmanager_connector_gcp":{"version":0,"block":{"attributes":{"account_id":{"type":"string","description_kind":"plain","optional":true,"computed":true},"associate_public_ip":{"type":"bool","description_kind":"plain","optional":true},"client_id":{"type":"string","description_kind":"plain","computed":true},"company":{"type":"string","description_kind":"plain","required":true},"firewall_tags":{"type":"bool","description_kind":"plain","optional":true},"id":{"type":"string","description_kind":"plain","optional":true,"computed":true},"machine_type":{"type":"string","description_kind":"plain","optional":true},"name":{"type":"string","description_kind":"plain","required":true},"network_project_id":{"type":"string","description_kind":"plain","optional":true},"project_id":{"type":"string","description_kind":"plain","required":true},"proxy_certificates":{"type":["list","string"],"description_kind":"plain","optional":true},"proxy_password":{"type":"string","description_kind":"plain","optional":true},"proxy_url":{"type":"string","description_kind":"plain","optional":true},"proxy_user_name":{"type":"string","description_kind":"plain","optional":true},"service_account_email":{"type":"string","description_kind":"plain","required":true},"service_account_path":{"type":"string","description_kind":"plain","required":true},"subnet_id":{"type":"string","description_kind":"plain","optional":true},"zone":{"type":"string","description_kind":"plain","required":true}},"description_kind":"plain"}},"netapp-cloudmanager_cvo_aws":{"version":0,"block":{"attributes":{"aws_encryption_kms_key_arn":{"type":"string","description_kind":"plain","optional":true},"aws_encryption_kms_key_id":{"type":"string","description_kind":"plain","optional":true},"backup_volumes_to_cbs":{"type":"bool","description_kind":"plain","optional":true},"capacity_package_name":{"type":"string","description_kind":"plain","optional":true},"capacity_tier":{"type":"string","description_kind":"plain","optional":true},"client_id":{"type":"string","description_kind":"plain","required":true},"cloud_provider_account":{"type":"string","description_kind":"plain","optional":true},"cluster_floating_ip":{"type":"string","description_kind":"plain","optional":true},"data_encryption_type":{"type":"string","description_kind":"plain","optional":true},"data_floating_ip":{"type":"string","description_kind":"plain","optional":true},"data_floating_ip2":{"type":"string","description_kind":"plain","optional":true},"ebs_volume_size":{"type":"number","description_kind":"plain","optional":true},"ebs_volume_size_unit":{"type":"string","description_kind":"plain","optional":true},"ebs_volume_type":{"type":"string","description_kind":"plain","optional":true},"enable_compliance":{"type":"bool","description_kind":"plain","optional":true},"enable_monitoring":{"type":"bool","description_kind":"plain","optional":true},"failover_mode":{"type":"string","description_kind":"plain","optional":true},"id":{"type":"string","description_kind":"plain","optional":true,"computed":true},"instance_profile_name":{"type":"string","description_kind":"plain","optional":true},"instance_tenancy":{"type":"string","description_kind":"plain","optional":true},"instance_type":{"type":"string","description_kind":"plain","optional":true},"iops":{"type":"number","description_kind":"plain","optional":true},"is_ha":{"type":"bool","description_kind":"plain","optional":true},"kms_key_id":{"type":"string","description_kind":"plain","optional":true},"license_type":{"type":"string","description_kind":"plain","optional":true},"mediator_assign_public_ip":{"type":"bool","description_kind":"plain","optional":true},"mediator_key_pair_name":{"type":"string","description_kind":"plain","optional":true},"mediator_subnet_id":{"type":"string","description_kind":"plain","optional":true},"name":{"type":"string","description_kind":"plain","required":true},"node1_subnet_id":{"type":"string","description_kind":"plain","optional":true},"node2_subnet_id":{"type":"string","description_kind":"plain","optional":true},"nss_account":{"type":"string","description_kind":"plain","optional":true},"ontap_version":{"type":"string","description_kind":"plain","optional":true},"optimized_network_utilization":{"type":"bool","description_kind":"plain","optional":true},"platform_serial_number":{"type":"string","description_kind":"plain","optional":true},"platform_serial_number_node1":{"type":"string","description_kind":"plain","optional":true},"platform_serial_number_node2":{"type":"string","description_kind":"plain","optional":true},"provided_license":{"type":"string","description_kind":"plain","optional":true},"region":{"type":"string","description_kind":"plain","required":true},"route_table_ids":{"type":["list","string"],"description_kind":"plain","optional":true},"security_group_id":{"type":"string","description_kind":"plain","optional":true},"subnet_id":{"type":"string","description_kind":"plain","optional":true},"svm_floating_ip":{"type":"string","description_kind":"plain","optional":true},"svm_password":{"type":"string","description_kind":"plain","required":true,"sensitive":true},"throughput":{"type":"number","description_kind":"plain","optional":true},"tier_level":{"type":"string","description_kind":"plain","optional":true},"use_latest_version":{"type":"bool","description_kind":"plain","optional":true},"vpc_id":{"type":"string","description_kind":"plain","optional":true},"workspace_id":{"type":"string","description_kind":"plain","optional":true},"writing_speed_state":{"type":"string","description_kind":"plain","optional":true}},"block_types":{"aws_tag":{"nesting_mode":"set","block":{"attributes":{"tag_key":{"type":"string","description_kind":"plain","required":true},"tag_value":{"type":"string","description_kind":"plain","optional":true}},"description_kind":"plain"}}},"description_kind":"plain"}},"netapp-cloudmanager_cvo_azure":{"version":0,"block":{"attributes":{"allow_deploy_in_existing_rg":{"type":"bool","description_kind":"plain","optional":true},"azure_encryption_parameters":{"type":"string","description_kind":"plain","optional":true},"backup_volumes_to_cbs":{"type":"bool","description_kind":"plain","optional":true},"capacity_package_name":{"type":"string","description_kind":"plain","optional":true},"capacity_tier":{"type":"string","description_kind":"plain","optional":true},"cidr":{"type":"string","description_kind":"plain","optional":true},"client_id":{"type":"string","description_kind":"plain","required":true},"cloud_provider_account":{"type":"string","description_kind":"plain","optional":true},"data_encryption_type":{"type":"string","description_kind":"plain","optional":true},"disk_size":{"type":"number","description_kind":"plain","optional":true},"disk_size_unit":{"type":"string","description_kind":"plain","optional":true},"enable_compliance":{"type":"bool","description_kind":"plain","optional":true},"enable_monitoring":{"type":"bool","description_kind":"plain","optional":true},"ha_enable_https":{"type":"bool","description_kind":"plain","optional":true},"id":{"type":"string","description_kind":"plain","optional":true,"computed":true},"instance_type":{"type":"string","description_kind":"plain","optional":true},"is_ha":{"type":"bool","description_kind":"plain","optional":true},"license_type":{"type":"string","description_kind":"plain","optional":true},"location":{"type":"string","description_kind":"plain","required":true},"name":{"type":"string","description_kind":"plain","required":true},"nss_account":{"type":"string","description_kind":"plain","optional":true},"ontap_version":{"type":"string","description_kind":"plain","optional":true},"platform_serial_number_node1":{"type":"string","description_kind":"plain","optional":true},"platform_serial_number_node2":{"type":"string","description_kind":"plain","optional":true},"provided_license":{"type":"string","description_kind":"plain","optional":true},"resource_group":{"type":"string","description_kind":"plain","optional":true},"security_group_id":{"type":"string","description_kind":"plain","optional":true},"serial_number":{"type":"string","description_kind":"plain","optional":true},"storage_type":{"type":"string","description_kind":"plain","optional":true},"subnet_id":{"type":"string","description_kind":"plain","required":true},"subscription_id":{"type":"string","description_kind":"plain","required":true},"svm_password":{"type":"string","description_kind":"plain","required":true,"sensitive":true},"tier_level":{"type":"string","description_kind":"plain","optional":true},"use_latest_version":{"type":"bool","description_kind":"plain","optional":true},"vnet_id":{"type":"string","description_kind":"plain","required":true},"vnet_resource_group":{"type":"string","description_kind":"plain","optional":true},"workspace_id":{"type":"string","description_kind":"plain","optional":true},"writing_speed_state":{"type":"string","description_kind":"plain","optional":true}},"block_types":{"azure_tag":{"nesting_mode":"set","block":{"attributes":{"tag_key":{"type":"string","description_kind":"plain","required":true},"tag_value":{"type":"string","description_kind":"plain","optional":true}},"description_kind":"plain"}}},"description_kind":"plain"}},"netapp-cloudmanager_cvo_gcp":{"version":0,"block":{"attributes":{"capacity_package_name":{"type":"string","description_kind":"plain","optional":true},"capacity_tier":{"type":"string","description_kind":"plain","optional":true},"client_id":{"type":"string","description_kind":"plain","required":true},"data_encryption_type":{"type":"string","description_kind":"plain","optional":true},"firewall_rule":{"type":"string","description_kind":"plain","optional":true},"gcp_encryption_parameters":{"type":"string","description_kind":"plain","optional":true},"gcp_service_account":{"type":"string","description_kind":"plain","required":true},"gcp_volume_size":{"type":"number","description_kind":"plain","optional":true},"gcp_volume_size_unit":{"type":"string","description_kind":"plain","optional":true},"gcp_volume_type":{"type":"string","description_kind":"plain","optional":true},"id":{"type":"string","description_kind":"plain","optional":true,"computed":true},"instance_type":{"type":"string","description_kind":"plain","optional":true},"is_ha":{"type":"bool","description_kind":"plain","optional":true},"license_type":{"type":"string","description_kind":"plain","optional":true},"mediator_zone":{"type":"string","description_kind":"plain","optional":true},"name":{"type":"string","description_kind":"plain","required":true},"network_project_id":{"type":"string","description_kind":"plain","optional":true},"node1_zone":{"type":"string","description_kind":"plain","optional":true},"node2_zone":{"type":"string","description_kind":"plain","optional":true},"nss_account":{"type":"string","description_kind":"plain","optional":true},"ontap_version":{"type":"string","description_kind":"plain","optional":true},"platform_serial_number_node1":{"type":"string","description_kind":"plain","optional":true},"platform_serial_number_node2":{"type":"string","description_kind":"plain","optional":true},"project_id":{"type":"string","description_kind":"plain","required":true},"provided_license":{"type":"string","description_kind":"plain","optional":true},"serial_number":{"type":"string","description_kind":"plain","optional":true},"subnet0_node_and_data_connectivity":{"type":"string","description_kind":"plain","optional":true},"subnet1_cluster_connectivity":{"type":"string","description_kind":"plain","optional":true},"subnet2_ha_connectivity":{"type":"string","description_kind":"plain","optional":true},"subnet3_data_replication":{"type":"string","description_kind":"plain","optional":true},"subnet_id":{"type":"string","description_kind":"plain","optional":true},"svm_password":{"type":"string","description_kind":"plain","required":true,"sensitive":true},"tier_level":{"type":"string","description_kind":"plain","optional":true},"use_latest_version":{"type":"bool","description_kind":"plain","optional":true},"vpc0_firewall_rule_name":{"type":"string","description_kind":"plain","optional":true},"vpc0_node_and_data_connectivity":{"type":"string","description_kind":"plain","optional":true},"vpc1_cluster_connectivity":{"type":"string","description_kind":"plain","optional":true},"vpc1_firewall_rule_name":{"type":"string","description_kind":"plain","optional":true},"vpc2_firewall_rule_name":{"type":"string","description_kind":"plain","optional":true},"vpc2_ha_connectivity":{"type":"string","description_kind":"plain","optional":true},"vpc3_data_replication":{"type":"string","description_kind":"plain","optional":true},"vpc3_firewall_rule_name":{"type":"string","description_kind":"plain","optional":true},"vpc_id":{"type":"string","description_kind":"plain","optional":true},"workspace_id":{"type":"string","description_kind":"plain","optional":true},"writing_speed_state":{"type":"string","description_kind":"plain","optional":true},"zone":{"type":"string","description_kind":"plain","required":true}},"block_types":{"gcp_label":{"nesting_mode":"set","block":{"attributes":{"label_key":{"type":"string","description_kind":"plain","required":true},"label_value":{"type":"string","description_kind":"plain","optional":true}},"description_kind":"plain"}}},"description_kind":"plain"}},"netapp-cloudmanager_cvs_gcp_volume":{"version":0,"block":{"attributes":{"account":{"type":"string","description_kind":"plain","optional":true},"client_id":{"type":"string","description_kind":"plain","required":true},"id":{"type":"string","description_kind":"plain","optional":true,"computed":true},"name":{"type":"string","description_kind":"plain","required":true},"network":{"type":"string","description_kind":"plain","required":true},"protocol_types":{"type":["list","string"],"description_kind":"plain","required":true},"region":{"type":"string","description_kind":"plain","required":true},"service_level":{"type":"string","description_kind":"plain","optional":true},"size":{"type":"number","description_kind":"plain","required":true},"size_unit":{"type":"string","description_kind":"plain","required":true},"volume_path":{"type":"string","description_kind":"plain","optional":true,"computed":true},"working_environment_name":{"type":"string","description_kind":"plain","required":true}},"block_types":{"export_policy":{"nesting_mode":"set","block":{"block_types":{"rule":{"nesting_mode":"set","block":{"attributes":{"allowed_clients":{"type":"string","description_kind":"plain","optional":true},"nfsv3":{"type":"bool","description_kind":"plain","optional":true},"nfsv4":{"type":"bool","description_kind":"plain","optional":true},"rule_index":{"type":"number","description_kind":"plain","optional":true},"unix_read_only":{"type":"bool","description_kind":"plain","optional":true},"unix_read_write":{"type":"bool","description_kind":"plain","optional":true}},"description_kind":"plain"}}},"description_kind":"plain"}},"snapshot_policy":{"nesting_mode":"list","block":{"attributes":{"enabled":{"type":"bool","description_kind":"plain","optional":true,"computed":true}},"block_types":{"daily_schedule":{"nesting_mode":"list","block":{"attributes":{"hour":{"type":"number","description_kind":"plain","optional":true},"minute":{"type":"number","description_kind":"plain","optional":true},"snapshots_to_keep":{"type":"number","description_kind":"plain","optional":true}},"description_kind":"plain"}},"hourly_schedule":{"nesting_mode":"list","block":{"attributes":{"minute":{"type":"number","description_kind":"plain","optional":true},"snapshots_to_keep":{"type":"number","description_kind":"plain","optional":true}},"description_kind":"plain"}},"monthly_schedule":{"nesting_mode":"list","block":{"attributes":{"days_of_month":{"type":"string","description_kind":"plain","optional":true},"hour":{"type":"number","description_kind":"plain","optional":true},"minute":{"type":"number","description_kind":"plain","optional":true},"snapshots_to_keep":{"type":"number","description_kind":"plain","optional":true}},"description_kind":"plain"}},"weekly_schedule":{"nesting_mode":"list","block":{"attributes":{"day":{"type":"string","description_kind":"plain","optional":true},"hour":{"type":"number","description_kind":"plain","optional":true},"minute":{"type":"number","description_kind":"plain","optional":true},"snapshots_to_keep":{"type":"number","description_kind":"plain","optional":true}},"description_kind":"plain"}}},"description_kind":"plain"}}},"description_kind":"plain"}},"netapp-cloudmanager_nss_account":{"version":0,"block":{"attributes":{"client_id":{"type":"string","description_kind":"plain","required":true},"id":{"type":"string","description_kind":"plain","optional":true,"computed":true},"password":{"type":"string","description_kind":"plain","required":true},"username":{"type":"string","description_kind":"plain","required":true}},"description_kind":"plain"}},"netapp-cloudmanager_snapmirror":{"version":0,"block":{"attributes":{"capacity_tier":{"type":"string","description_kind":"plain","optional":true},"client_id":{"type":"string","description_kind":"plain","required":true},"destination_aggregate_name":{"type":"string","description_kind":"plain","optional":true},"destination_svm_name":{"type":"string","description_kind":"plain","optional":true,"computed":true},"destination_volume_name":{"type":"string","description_kind":"plain","required":true},"destination_working_environment_id":{"type":"string","description_kind":"plain","optional":true},"destination_working_environment_name":{"type":"string","description_kind":"plain","optional":true},"id":{"type":"string","description_kind":"plain","optional":true,"computed":true},"iops":{"type":"number","description_kind":"plain","optional":true},"max_transfer_rate":{"type":"number","description_kind":"plain","optional":true},"policy":{"type":"string","description_kind":"plain","optional":true},"provider_volume_type":{"type":"string","description_kind":"plain","optional":true},"schedule":{"type":"string","description_kind":"plain","optional":true},"source_svm_name":{"type":"string","description_kind":"plain","optional":true,"computed":true},"source_volume_name":{"type":"string","description_kind":"plain","required":true},"source_working_environment_id":{"type":"string","description_kind":"plain","optional":true},"source_working_environment_name":{"type":"string","description_kind":"plain","optional":true},"throughput":{"type":"number","description_kind":"plain","optional":true}},"description_kind":"plain"}},"netapp-cloudmanager_volume":{"version":0,"block":{"attributes":{"aggregate_name":{"type":"string","description_kind":"plain","optional":true,"computed":true},"capacity_tier":{"type":"string","description_kind":"plain","optional":true},"client_id":{"type":"string","description_kind":"plain","required":true},"enable_compression":{"type":"bool","description_kind":"plain","optional":true},"enable_deduplication":{"type":"bool","description_kind":"plain","optional":true},"enable_thin_provisioning":{"type":"bool","description_kind":"plain","optional":true},"export_policy_ip":{"type":["set","string"],"description_kind":"plain","optional":true},"export_policy_name":{"type":"string","description_kind":"plain","optional":true},"export_policy_nfs_version":{"type":["set","string"],"description_kind":"plain","optional":true},"export_policy_type":{"type":"string","description_kind":"plain","optional":true},"id":{"type":"string","description_kind":"plain","optional":true,"computed":true},"igroups":{"type":["set","string"],"description_kind":"plain","optional":true},"iops":{"type":"number","description_kind":"plain","optional":true},"name":{"type":"string","description_kind":"plain","required":true},"os_name":{"type":"string","description_kind":"plain","optional":true},"permission":{"type":"string","description_kind":"plain","optional":true},"provider_volume_type":{"type":"string","description_kind":"plain","required":true},"share_name":{"type":"string","description_kind":"plain","optional":true},"size":{"type":"number","description_kind":"plain","required":true},"snapshot_policy_name":{"type":"string","description_kind":"plain","optional":true},"svm_name":{"type":"string","description_kind":"plain","optional":true},"throughput":{"type":"number","description_kind":"plain","optional":true},"tiering_policy":{"type":"string","description_kind":"plain","optional":true},"unit":{"type":"string","description_kind":"plain","required":true},"users":{"type":["set","string"],"description_kind":"plain","optional":true},"volume_protocol":{"type":"string","description_kind":"plain","optional":true},"working_environment_id":{"type":"string","description_kind":"plain","optional":true},"working_environment_name":{"type":"string","description_kind":"plain","optional":true}},"block_types":{"initiator":{"nesting_mode":"set","block":{"attributes":{"alias":{"type":"string","description_kind":"plain","required":true},"iqn":{"type":"string","description_kind":"plain","required":true}},"description_kind":"plain"}}},"description_kind":"plain"}}},"data_source_schemas":{"netapp-cloudmanager_aws_fsx":{"version":0,"block":{"attributes":{"id":{"type":"string","description_kind":"plain","required":true},"lifecycle_status":{"type":"string","description_kind":"plain","computed":true},"name":{"type":"string","description_kind":"plain","optional":true},"region":{"type":"string","description_kind":"plain","optional":true},"status":{"type":"string","description_kind":"plain","computed":true},"tenant_id":{"type":"string","description_kind":"plain","optional":true}},"description_kind":"plain"}},"netapp-cloudmanager_cifs_server":{"version":0,"block":{"attributes":{"client_id":{"type":"string","description_kind":"plain","required":true},"dns_domain":{"type":"string","description_kind":"plain","optional":true},"domain":{"type":"string","description_kind":"plain","optional":true},"id":{"type":"string","description_kind":"plain","optional":true,"computed":true},"ip_addresses":{"type":["set","string"],"description_kind":"plain","optional":true},"is_workgroup":{"type":"bool","description_kind":"plain","optional":true},"netbios":{"type":"string","description_kind":"plain","optional":true},"organizational_unit":{"type":"string","description_kind":"plain","optional":true},"password":{"type":"string","description_kind":"plain","optional":true},"server_name":{"type":"string","description_kind":"plain","optional":true},"svm_name":{"type":"string","description_kind":"plain","optional":true},"username":{"type":"string","description_kind":"plain","optional":true},"workgroup_name":{"type":"string","description_kind":"plain","optional":true},"working_environment_id":{"type":"string","description_kind":"plain","optional":true},"working_environment_name":{"type":"string","description_kind":"plain","optional":true}},"description_kind":"plain"}},"netapp-cloudmanager_nss_account":{"version":0,"block":{"attributes":{"client_id":{"type":"string","description_kind":"plain","required":true},"id":{"type":"string","description_kind":"plain","optional":true,"computed":true},"password":{"type":"string","description_kind":"plain","optional":true},"username":{"type":"string","description_kind":"plain","required":true}},"description_kind":"plain"}},"netapp-cloudmanager_volume":{"version":0,"block":{"attributes":{"aggregate_name":{"type":"string","description_kind":"plain","optional":true,"computed":true},"capacity_tier":{"type":"string","description_kind":"plain","optional":true},"client_id":{"type":"string","description_kind":"plain","required":true},"enable_compression":{"type":"bool","description_kind":"plain","optional":true},"enable_deduplication":{"type":"bool","description_kind":"plain","optional":true},"enable_thin_provisioning":{"type":"bool","description_kind":"plain","optional":true},"export_policy_ip":{"type":["set","string"],"description_kind":"plain","optional":true},"export_policy_name":{"type":"string","description_kind":"plain","optional":true},"export_policy_nfs_version":{"type":["set","string"],"description_kind":"plain","optional":true},"export_policy_type":{"type":"string","description_kind":"plain","optional":true},"id":{"type":"string","description_kind":"plain","optional":true,"computed":true},"igroups":{"type":["set","string"],"description_kind":"plain","optional":true},"iops":{"type":"number","description_kind":"plain","optional":true},"mount_point":{"type":"string","description_kind":"plain","optional":true},"name":{"type":"string","description_kind":"plain","required":true},"os_name":{"type":"string","description_kind":"plain","optional":true},"permission":{"type":"string","description_kind":"plain","optional":true},"provider_volume_type":{"type":"string","description_kind":"plain","optional":true},"share_name":{"type":"string","description_kind":"plain","optional":true},"size":{"type":"number","description_kind":"plain","optional":true},"snapshot_policy_name":{"type":"string","description_kind":"plain","optional":true},"svm_name":{"type":"string","description_kind":"plain","optional":true},"throughput":{"type":"number","description_kind":"plain","optional":true},"tiering_policy":{"type":"string","description_kind":"plain","optional":true},"unit":{"type":"string","description_kind":"plain","optional":true},"users":{"type":["set","string"],"description_kind":"plain","optional":true},"volume_protocol":{"type":"string","description_kind":"plain","optional":true},"working_environment_id":{"type":"string","description_kind":"plain","optional":true},"working_environment_name":{"type":"string","description_kind":"plain","optional":true}},"block_types":{"initiator":{"nesting_mode":"set","block":{"attributes":{"alias":{"type":"string","description_kind":"plain","required":true},"iqn":{"type":"string","description_kind":"plain","required":true}},"description_kind":"plain"}}},"description_kind":"plain"}}}}}}
