{"format_version":"0.2","provider_schemas":{"registry.terraform.io/netapp/netapp-gcp":{"provider":{"version":0,"block":{"attributes":{"credentials":{"type":"string","description":"The credentials for GCP API operations.","description_kind":"plain","optional":true},"project":{"type":"string","description":"The project number or project ID for GCP API operations.","description_kind":"plain","required":true},"service_account":{"type":"string","description":"The private key path for GCP API operations.","description_kind":"plain","optional":true}},"description_kind":"plain"}},"resource_schemas":{"netapp-gcp_active_directory":{"version":0,"block":{"attributes":{"aes_encryption":{"type":"bool","description_kind":"plain","optional":true},"allow_local_nfs_users_with_ldap":{"type":"bool","description_kind":"plain","optional":true},"backup_operators":{"type":["set","string"],"description_kind":"plain","optional":true},"dns_server":{"type":"string","description_kind":"plain","required":true},"domain":{"type":"string","description_kind":"plain","required":true},"id":{"type":"string","description_kind":"plain","optional":true,"computed":true},"kdc_ip":{"type":"string","description_kind":"plain","optional":true},"ldap_signing":{"type":"bool","description_kind":"plain","optional":true},"net_bios":{"type":"string","description_kind":"plain","required":true},"organizational_unit":{"type":"string","description_kind":"plain","optional":true},"password":{"type":"string","description_kind":"plain","required":true,"sensitive":true},"region":{"type":"string","description_kind":"plain","required":true},"security_operators":{"type":["set","string"],"description_kind":"plain","optional":true},"site":{"type":"string","description_kind":"plain","optional":true},"username":{"type":"string","description_kind":"plain","required":true},"uuid":{"type":"string","description_kind":"plain","computed":true}},"description_kind":"plain"}},"netapp-gcp_snapshot":{"version":0,"block":{"attributes":{"creation_token":{"type":"string","description_kind":"plain","optional":true},"id":{"type":"string","description_kind":"plain","optional":true,"computed":true},"name":{"type":"string","description_kind":"plain","required":true},"region":{"type":"string","description_kind":"plain","required":true},"volume_name":{"type":"string","description_kind":"plain","optional":true}},"description_kind":"plain"}},"netapp-gcp_volume":{"version":0,"block":{"attributes":{"delete_on_creation_error":{"type":"bool","description_kind":"plain","optional":true},"id":{"type":"string","description_kind":"plain","optional":true,"computed":true},"name":{"type":"string","description_kind":"plain","required":true},"network":{"type":"string","description_kind":"plain","required":true},"protocol_types":{"type":["list","string"],"description_kind":"plain","required":true},"region":{"type":"string","description_kind":"plain","required":true},"regional_ha":{"type":"bool","description_kind":"plain","optional":true},"service_level":{"type":"string","description_kind":"plain","optional":true},"shared_vpc_project_number":{"type":"string","description_kind":"plain","optional":true},"size":{"type":"number","description_kind":"plain","required":true},"snap_reserve":{"type":"number","description_kind":"plain","optional":true},"snapshot_directory":{"type":"bool","description_kind":"plain","optional":true},"storage_class":{"type":"string","description_kind":"plain","optional":true},"type_dp":{"type":"bool","description_kind":"plain","optional":true},"volume_path":{"type":"string","description_kind":"plain","optional":true,"computed":true},"zone":{"type":"string","description_kind":"plain","optional":true}},"block_types":{"export_policy":{"nesting_mode":"set","block":{"block_types":{"rule":{"nesting_mode":"list","block":{"attributes":{"access":{"type":"string","description_kind":"plain","optional":true},"allowed_clients":{"type":"string","description_kind":"plain","optional":true},"has_root_access":{"type":"string","description_kind":"plain","optional":true},"kerberos5_readonly":{"type":"bool","description_kind":"plain","optional":true},"kerberos5_readwrite":{"type":"bool","description_kind":"plain","optional":true},"kerberos5i_readonly":{"type":"bool","description_kind":"plain","optional":true},"kerberos5i_readwrite":{"type":"bool","description_kind":"plain","optional":true},"kerberos5p_readonly":{"type":"bool","description_kind":"plain","optional":true},"kerberos5p_readwrite":{"type":"bool","description_kind":"plain","optional":true}},"block_types":{"nfsv3":{"nesting_mode":"set","block":{"attributes":{"checked":{"type":"bool","description_kind":"plain","optional":true}},"description_kind":"plain"}},"nfsv4":{"nesting_mode":"set","block":{"attributes":{"checked":{"type":"bool","description_kind":"plain","optional":true}},"description_kind":"plain"}}},"description_kind":"plain"}}},"description_kind":"plain"}},"mount_points":{"nesting_mode":"list","block":{"attributes":{"export":{"type":"string","description_kind":"plain","optional":true,"computed":true},"protocol_type":{"type":"string","description_kind":"plain","optional":true,"computed":true},"server":{"type":"string","description_kind":"plain","optional":true,"computed":true}},"description_kind":"plain"}},"snapshot_policy":{"nesting_mode":"list","block":{"attributes":{"enabled":{"type":"bool","description_kind":"plain","optional":true,"computed":true}},"block_types":{"daily_schedule":{"nesting_mode":"list","block":{"attributes":{"hour":{"type":"number","description_kind":"plain","optional":true},"minute":{"type":"number","description_kind":"plain","optional":true},"snapshots_to_keep":{"type":"number","description_kind":"plain","optional":true}},"description_kind":"plain"}},"hourly_schedule":{"nesting_mode":"list","block":{"attributes":{"minute":{"type":"number","description_kind":"plain","optional":true},"snapshots_to_keep":{"type":"number","description_kind":"plain","optional":true}},"description_kind":"plain"}},"monthly_schedule":{"nesting_mode":"list","block":{"attributes":{"days_of_month":{"type":"string","description_kind":"plain","optional":true},"hour":{"type":"number","description_kind":"plain","optional":true},"minute":{"type":"number","description_kind":"plain","optional":true},"snapshots_to_keep":{"type":"number","description_kind":"plain","optional":true}},"description_kind":"plain"}},"weekly_schedule":{"nesting_mode":"list","block":{"attributes":{"day":{"type":"string","description_kind":"plain","optional":true},"hour":{"type":"number","description_kind":"plain","optional":true},"minute":{"type":"number","description_kind":"plain","optional":true},"snapshots_to_keep":{"type":"number","description_kind":"plain","optional":true}},"description_kind":"plain"}}},"description_kind":"plain"}}},"description_kind":"plain"}},"netapp-gcp_volume_backup":{"version":0,"block":{"attributes":{"creation_token":{"type":"string","description_kind":"plain","optional":true},"id":{"type":"string","description_kind":"plain","optional":true,"computed":true},"name":{"type":"string","description_kind":"plain","required":true},"region":{"type":"string","description_kind":"plain","required":true},"volume_name":{"type":"string","description_kind":"plain","optional":true}},"description_kind":"plain"}},"netapp-gcp_volume_replication":{"version":0,"block":{"attributes":{"bandwidth":{"type":"string","description_kind":"plain","optional":true},"destination_volume_id":{"type":"string","description_kind":"plain","optional":true},"endpoint_type":{"type":"string","description_kind":"plain","optional":true},"id":{"type":"string","description_kind":"plain","optional":true,"computed":true},"name":{"type":"string","description_kind":"plain","required":true},"policy":{"type":"string","description_kind":"plain","optional":true},"region":{"type":"string","description_kind":"plain","required":true},"remote_region":{"type":"string","description_kind":"plain","optional":true},"schedule":{"type":"string","description_kind":"plain","optional":true},"source_volume_id":{"type":"string","description_kind":"plain","optional":true}},"description_kind":"plain"}}},"data_source_schemas":{"netapp-gcp_active_directory":{"version":0,"block":{"attributes":{"dns_server":{"type":"string","description_kind":"plain","optional":true},"domain":{"type":"string","description_kind":"plain","optional":true},"id":{"type":"string","description_kind":"plain","optional":true,"computed":true},"netbios":{"type":"string","description_kind":"plain","optional":true},"organizational_unit":{"type":"string","description_kind":"plain","optional":true},"password":{"type":"string","description_kind":"plain","optional":true,"sensitive":true},"region":{"type":"string","description_kind":"plain","required":true},"site":{"type":"string","description_kind":"plain","optional":true},"username":{"type":"string","description_kind":"plain","optional":true},"uuid":{"type":"string","description_kind":"plain","computed":true}},"description_kind":"plain"}},"netapp-gcp_volume":{"version":0,"block":{"attributes":{"export_policy":{"type":["set",["object",{"rule":["list",["object",{"access":"string","allowed_clients":"string","has_root_access":"bool","kerberos5_readonly":"bool","kerberos5_readwrite":"bool","kerberos5i_readonly":"bool","kerberos5i_readwrite":"bool","kerberos5p_readonly":"bool","kerberos5p_readwrite":"bool","nfsv3":["set",["object",{"checked":"bool"}]],"nfsv4":["set",["object",{"checked":"bool"}]]}]]}]],"description_kind":"plain","computed":true},"id":{"type":"string","description_kind":"plain","optional":true,"computed":true},"mount_points":{"type":["list",["object",{"export":"string","protocol_type":"string","server":"string"}]],"description_kind":"plain","computed":true},"name":{"type":"string","description_kind":"plain","required":true},"network":{"type":"string","description_kind":"plain","computed":true},"protocol_types":{"type":["list","string"],"description_kind":"plain","computed":true},"region":{"type":"string","description_kind":"plain","required":true},"service_level":{"type":"string","description_kind":"plain","computed":true},"size":{"type":"number","description_kind":"plain","computed":true},"snapshot_policy":{"type":["list",["object",{"daily_schedule":["list",["object",{"hour":"number","minute":"number","snapshots_to_keep":"number"}]],"enabled":"bool","hourly_schedule":["list",["object",{"minute":"number","snapshots_to_keep":"number"}]],"monthly_schedule":["list",["object",{"days_of_month":"string","hour":"number","minute":"number","snapshots_to_keep":"number"}]],"weekly_schedule":["list",["object",{"day":"string","hour":"number","minute":"number","snapshots_to_keep":"number"}]]}]],"description_kind":"plain","computed":true},"storage_class":{"type":"string","description_kind":"plain","computed":true},"type_dp":{"type":"bool","description_kind":"plain","computed":true},"volume_path":{"type":"string","description_kind":"plain","computed":true},"zone":{"type":"string","description_kind":"plain","computed":true}},"description_kind":"plain"}}}}}}
