{"format_version":"0.2","provider_schemas":{"registry.terraform.io/newrelic/newrelic":{"provider":{"version":0,"block":{"attributes":{"account_id":{"type":"number","description_kind":"plain","required":true,"sensitive":true},"admin_api_key":{"type":"string","description_kind":"plain","optional":true,"sensitive":true},"api_key":{"type":"string","description_kind":"plain","optional":true,"sensitive":true},"api_url":{"type":"string","description_kind":"plain","deprecated":true,"optional":true},"cacert_file":{"type":"string","description_kind":"plain","optional":true},"infrastructure_api_url":{"type":"string","description_kind":"plain","deprecated":true,"optional":true},"insecure_skip_verify":{"type":"bool","description_kind":"plain","optional":true},"insights_insert_key":{"type":"string","description_kind":"plain","optional":true,"sensitive":true},"insights_insert_url":{"type":"string","description_kind":"plain","optional":true},"insights_query_url":{"type":"string","description_kind":"plain","optional":true},"nerdgraph_api_url":{"type":"string","description_kind":"plain","deprecated":true,"optional":true},"region":{"type":"string","description":"The data center for which your New Relic account is configured. Only one region per provider block is permitted.","description_kind":"plain","optional":true},"synthetics_api_url":{"type":"string","description_kind":"plain","deprecated":true,"optional":true}},"description_kind":"plain"}},"resource_schemas":{"newrelic_alert_channel":{"version":0,"block":{"attributes":{"id":{"type":"string","description_kind":"plain","optional":true,"computed":true},"name":{"type":"string","description":"(Required) The name of the channel.","description_kind":"plain","required":true},"type":{"type":"string","description":"(Required) The type of channel. One of: (victorops, webhook, email, opsgenie, pagerduty, slack, user).","description_kind":"plain","required":true}},"block_types":{"config":{"nesting_mode":"list","block":{"attributes":{"api_key":{"type":"string","description":"The API key for integrating with OpsGenie.","description_kind":"plain","optional":true,"sensitive":true},"auth_password":{"type":"string","description":"Specifies an authentication password for use with a channel. Supported by the webhook channel type.","description_kind":"plain","optional":true,"sensitive":true},"auth_type":{"type":"string","description":"Specifies an authentication method for use with a channel. Supported by the webhook channel type. Only HTTP basic authentication is currently supported via the value BASIC.","description_kind":"plain","optional":true,"sensitive":true},"auth_username":{"type":"string","description":"Specifies an authentication username for use with a channel. Supported by the webhook channel type.","description_kind":"plain","optional":true},"base_url":{"type":"string","description":"The base URL of the webhook destination.","description_kind":"plain","optional":true,"sensitive":true},"channel":{"type":"string","description":"The Slack channel to send notifications to.","description_kind":"plain","optional":true},"headers":{"type":["map","string"],"description":"A map of key/value pairs that represents extra HTTP headers to be sent along with the webhook payload.","description_kind":"plain","optional":true,"sensitive":true},"headers_string":{"type":"string","description":"Use instead of headers if the desired payload is more complex than a list of key/value pairs (e.g. a set of headers that makes use of nested objects). The value provided should be a valid JSON string with escaped double quotes. Conflicts with headers.","description_kind":"plain","optional":true,"sensitive":true},"include_json_attachment":{"type":"string","description":"0 or 1. Flag for whether or not to attach a JSON document containing information about the associated alert to the email that is sent to recipients.","description_kind":"plain","optional":true},"key":{"type":"string","description":"The key for integrating with VictorOps.","description_kind":"plain","optional":true,"sensitive":true},"payload":{"type":["map","string"],"description":"A map of key/value pairs that represents the webhook payload. Must provide payload_type if setting this argument.","description_kind":"plain","optional":true,"sensitive":true},"payload_string":{"type":"string","description":"Use instead of payload if the desired payload is more complex than a list of key/value pairs (e.g. a payload that makes use of nested objects). The value provided should be a valid JSON string with escaped double quotes. Conflicts with payload.","description_kind":"plain","optional":true,"sensitive":true},"payload_type":{"type":"string","description":"Can either be application/json or application/x-www-form-urlencoded. The payload_type argument is required if payload is set.","description_kind":"plain","optional":true},"recipients":{"type":"string","description":"A set of recipients for targeting notifications. Multiple values are comma separated.","description_kind":"plain","optional":true},"region":{"type":"string","description":"The data center region to store your data. Valid values are US and EU. Default is US.","description_kind":"plain","optional":true},"route_key":{"type":"string","description":"The route key for integrating with VictorOps.","description_kind":"plain","optional":true,"sensitive":true},"service_key":{"type":"string","description":"Specifies the service key for integrating with Pagerduty.","description_kind":"plain","optional":true,"sensitive":true},"tags":{"type":"string","description":"A set of tags for targeting notifications. Multiple values are comma separated.","description_kind":"plain","optional":true},"teams":{"type":"string","description":"A set of teams for targeting notifications. Multiple values are comma separated.","description_kind":"plain","optional":true},"url":{"type":"string","description":"Your organization's Slack URL.","description_kind":"plain","optional":true,"sensitive":true},"user_id":{"type":"string","description":"The user ID for use with the user channel type.","description_kind":"plain","optional":true}},"description":"The configuration block for the alert channel.","description_kind":"plain"},"max_items":1}},"description_kind":"plain"}},"newrelic_alert_condition":{"version":0,"block":{"attributes":{"condition_scope":{"type":"string","description":"One of (application, instance). Choose application for most scenarios. If you are using the JVM plugin in New Relic, the instance setting allows your condition to trigger for specific app instances.","description_kind":"plain","optional":true},"enabled":{"type":"bool","description":"The title of the condition. Must be between 1 and 64 characters, inclusive.","description_kind":"plain","optional":true},"entities":{"type":["set","number"],"description":"The instance IDs associated with this condition.","description_kind":"plain","required":true},"gc_metric":{"type":"string","description":"A valid Garbage Collection metric e.g. GC/G1 Young Generation. This is required if you are using apm_jvm_metric with gc_cpu_time condition type.","description_kind":"plain","optional":true},"id":{"type":"string","description_kind":"plain","optional":true,"computed":true},"metric":{"type":"string","description":"The metric field accepts parameters based on the type set.","description_kind":"plain","required":true},"name":{"type":"string","description":"The title of the condition. Must be between 1 and 64 characters, inclusive.","description_kind":"plain","required":true},"policy_id":{"type":"number","description":"The ID of the policy where this condition should be used.","description_kind":"plain","required":true},"runbook_url":{"type":"string","description":"Runbook URL to display in notifications.","description_kind":"plain","optional":true},"type":{"type":"string","description":"The type of condition. One of: (apm_app_metric, apm_jvm_metric, apm_kt_metric, browser_metric, mobile_metric, servers_metric).","description_kind":"plain","required":true},"user_defined_metric":{"type":"string","description":"A custom metric to be evaluated.","description_kind":"plain","optional":true},"user_defined_value_function":{"type":"string","description":"One of: (average, min, max, total, sample_size).","description_kind":"plain","optional":true},"violation_close_timer":{"type":"number","description":"Automatically close instance-based violations, including JVM health metric violations, after the number of hours specified. Must be: 1, 2, 4, 8, 12 or 24.","description_kind":"plain","optional":true}},"block_types":{"term":{"nesting_mode":"set","block":{"attributes":{"duration":{"type":"number","description":"In minutes, must be in the range of 5 to 120, inclusive.","description_kind":"plain","required":true},"operator":{"type":"string","description":"One of (above, below, equal). Defaults to equal.","description_kind":"plain","optional":true},"priority":{"type":"string","description":"One of (critical, warning). Defaults to critical.","description_kind":"plain","optional":true},"threshold":{"type":"number","description":"Must be 0 or greater.","description_kind":"plain","required":true},"time_function":{"type":"string","description":"One of (all, any).","description_kind":"plain","required":true}},"description_kind":"plain"},"min_items":1}},"description_kind":"plain","deprecated":true}},"newrelic_alert_muting_rule":{"version":0,"block":{"attributes":{"account_id":{"type":"number","description":"The account id of the MutingRule..","description_kind":"plain","optional":true,"computed":true},"description":{"type":"string","description":"The description of the MutingRule.","description_kind":"plain","optional":true},"enabled":{"type":"bool","description":"Whether the MutingRule is enabled.","description_kind":"plain","required":true},"id":{"type":"string","description_kind":"plain","optional":true,"computed":true},"name":{"type":"string","description":"The name of the MutingRule.","description_kind":"plain","required":true}},"block_types":{"condition":{"nesting_mode":"list","block":{"attributes":{"operator":{"type":"string","description":"The operator used to combine all the MutingRuleConditions within the group.","description_kind":"plain","required":true}},"block_types":{"conditions":{"nesting_mode":"list","block":{"attributes":{"attribute":{"type":"string","description":"The attribute on a violation.","description_kind":"plain","required":true},"operator":{"type":"string","description":"The operator used to compare the attribute's value with the supplied value(s).","description_kind":"plain","required":true},"values":{"type":["list","string"],"description":"The value(s) to compare against the attribute's value.","description_kind":"plain","required":true}},"description":"The individual MutingRuleConditions within the group.","description_kind":"plain"},"min_items":1}},"description":"The condition that defines which violations to target.","description_kind":"plain"},"min_items":1,"max_items":1}},"description_kind":"plain"}},"newrelic_alert_policy":{"version":0,"block":{"attributes":{"account_id":{"type":"number","description":"The New Relic account ID to operate on.","description_kind":"plain","optional":true,"computed":true},"channel_ids":{"type":["list","number"],"description":"An array of channel IDs (integers) to assign to the policy. Adding or removing channel IDs from this array will result in a new alert policy resource being created and the old one being destroyed. Also note that channel IDs cannot be imported via terraform import.","description_kind":"plain","optional":true},"id":{"type":"string","description_kind":"plain","optional":true,"computed":true},"incident_preference":{"type":"string","description":"The rollup strategy for the policy. Options include: PER_POLICY, PER_CONDITION, or PER_CONDITION_AND_TARGET. The default is PER_POLICY.","description_kind":"plain","optional":true},"name":{"type":"string","description":"The name of the policy.","description_kind":"plain","required":true}},"description_kind":"plain"}},"newrelic_alert_policy_channel":{"version":0,"block":{"attributes":{"channel_ids":{"type":["list","number"],"description":"Array of channel IDs to apply to the specified policy. We recommended sorting channel IDs in ascending order to avoid drift your Terraform state.","description_kind":"plain","required":true},"id":{"type":"string","description_kind":"plain","optional":true,"computed":true},"policy_id":{"type":"number","description":"The ID of the policy.","description_kind":"plain","required":true}},"description_kind":"plain"}},"newrelic_api_access_key":{"version":0,"block":{"attributes":{"account_id":{"type":"number","description_kind":"plain","required":true},"id":{"type":"string","description_kind":"plain","optional":true,"computed":true},"ingest_type":{"type":"string","description_kind":"plain","optional":true,"computed":true},"key":{"type":"string","description_kind":"plain","computed":true,"sensitive":true},"key_type":{"type":"string","description_kind":"plain","required":true},"name":{"type":"string","description_kind":"plain","optional":true,"computed":true},"notes":{"type":"string","description_kind":"plain","optional":true,"computed":true},"user_id":{"type":"number","description_kind":"plain","optional":true,"computed":true}},"description_kind":"plain"}},"newrelic_application_settings":{"version":0,"block":{"attributes":{"app_apdex_threshold":{"type":"number","description_kind":"plain","required":true},"enable_real_user_monitoring":{"type":"bool","description_kind":"plain","required":true},"end_user_apdex_threshold":{"type":"number","description_kind":"plain","required":true},"id":{"type":"string","description_kind":"plain","optional":true,"computed":true},"name":{"type":"string","description_kind":"plain","required":true}},"description_kind":"plain"}},"newrelic_dashboard":{"version":0,"block":{"attributes":{"dashboard_url":{"type":"string","description":"The URL for viewing the dashboard.","description_kind":"plain","computed":true},"editable":{"type":"string","description":"Determines who can edit the dashboard in an account. Valid values are all, editable_by_all, editable_by_owner, or read_only. Defaults to editable_by_all.","description_kind":"plain","optional":true},"grid_column_count":{"type":"number","description":"New Relic One supports a 3 column grid or a 12 column grid. New Relic Insights supports a 3 column grid.","description_kind":"plain","optional":true},"icon":{"type":"string","description":"The icon for the dashboard.","description_kind":"plain","optional":true},"id":{"type":"string","description_kind":"plain","optional":true,"computed":true},"title":{"type":"string","description":"The title of the dashboard.","description_kind":"plain","required":true},"visibility":{"type":"string","description":"Determines who can see the dashboard in an account. Valid values are all or owner. Defaults to all.","description_kind":"plain","optional":true}},"block_types":{"filter":{"nesting_mode":"list","block":{"attributes":{"attributes":{"type":["set","string"],"description_kind":"plain","optional":true},"event_types":{"type":["set","string"],"description_kind":"plain","required":true}},"description":"A nested block that describes a dashboard filter. Exactly one nested filter block is allowed.","description_kind":"plain"},"max_items":1},"widget":{"nesting_mode":"list","block":{"attributes":{"account_id":{"type":"number","description":"The target account ID to fetch data from, if not the current account.","description_kind":"plain","optional":true},"column":{"type":"number","description":"Column position of widget from top left, starting at 1.","description_kind":"plain","required":true},"drilldown_dashboard_id":{"type":"number","description":"The ID of a dashboard to link to from the widget's facets.","description_kind":"plain","optional":true},"duration":{"type":"number","description_kind":"plain","optional":true},"end_time":{"type":"number","description_kind":"plain","optional":true},"entity_ids":{"type":["set","number"],"description":"A collection of entity ids to display data for. These are typically application IDs.","description_kind":"plain","optional":true},"facet":{"type":"string","description_kind":"plain","optional":true},"height":{"type":"number","description":"Height of the widget. Valid values are 1 to 3 inclusive. Defaults to 1.","description_kind":"plain","optional":true},"limit":{"type":"number","description":"The limit of distinct data series to display.  Requires `order_by` to be set.","description_kind":"plain","optional":true},"notes":{"type":"string","description":"Description of the widget.","description_kind":"plain","optional":true},"nrql":{"type":"string","description":"Valid NRQL query string.","description_kind":"plain","optional":true},"order_by":{"type":"string","description":"Set the order of result series.  Required when using `limit`.","description_kind":"plain","optional":true},"raw_metric_name":{"type":"string","description_kind":"plain","computed":true},"row":{"type":"number","description":"Row position of widget from top left, starting at 1.","description_kind":"plain","required":true},"source":{"type":"string","description":"The markdown source to be rendered in the widget.","description_kind":"plain","optional":true},"threshold_red":{"type":"number","description":"Threshold above which the displayed value will be styled with a red color.","description_kind":"plain","optional":true},"threshold_yellow":{"type":"number","description":"Threshold above which the displayed value will be styled with a yellow color.","description_kind":"plain","optional":true},"title":{"type":"string","description":"A title for the widget.","description_kind":"plain","required":true},"visualization":{"type":"string","description":"How the widget visualizes data.","description_kind":"plain","required":true},"widget_id":{"type":"number","description":"The ID of the widget.","description_kind":"plain","computed":true},"width":{"type":"number","description":"Width of the widget. Valid values are 1 to 3 inclusive. Defaults to 1.","description_kind":"plain","optional":true}},"block_types":{"compare_with":{"nesting_mode":"set","block":{"attributes":{"offset_duration":{"type":"string","description":"The offset duration for the COMPARE WITH clause.","description_kind":"plain","required":true}},"block_types":{"presentation":{"nesting_mode":"list","block":{"attributes":{"color":{"type":"string","description":"The color for the rendered data.","description_kind":"plain","required":true},"name":{"type":"string","description":"The name for the rendered data.","description_kind":"plain","required":true}},"description":"The presentation settings for the rendered data.","description_kind":"plain"},"min_items":1,"max_items":1}},"description":"A block describing a COMPARE WITH clause.","description_kind":"plain"}},"metric":{"nesting_mode":"set","block":{"attributes":{"name":{"type":"string","description":"The metric name to display.","description_kind":"plain","required":true},"scope":{"type":"string","description":"The metric scope.","description_kind":"plain","optional":true},"units":{"type":"string","description":"The metric units.","description_kind":"plain","optional":true},"values":{"type":["set","string"],"description":"The metric values to display.","description_kind":"plain","optional":true}},"description":"A nested block that describes a metric.","description_kind":"plain"}}},"description":"A nested block that describes a visualization. Up to 300 widget blocks are allowed in a dashboard definition.","description_kind":"plain"},"max_items":300}},"description_kind":"plain"}},"newrelic_entity_tags":{"version":0,"block":{"attributes":{"guid":{"type":"string","description":"The guid of the entity to tag.","description_kind":"plain","required":true},"id":{"type":"string","description_kind":"plain","optional":true,"computed":true}},"block_types":{"tag":{"nesting_mode":"set","block":{"attributes":{"key":{"type":"string","description":"The tag key.","description_kind":"plain","required":true},"values":{"type":["set","string"],"description":"The tag values.","description_kind":"plain","required":true}},"description":"A set of key-value pairs to represent a tag. For example: Team:TeamName","description_kind":"plain"},"min_items":1},"timeouts":{"nesting_mode":"single","block":{"attributes":{"create":{"type":"string","description_kind":"plain","optional":true}},"description_kind":"plain"}}},"description_kind":"plain"}},"newrelic_events_to_metrics_rule":{"version":0,"block":{"attributes":{"account_id":{"type":"number","description":"Account with the event and where the metrics will be put.","description_kind":"plain","optional":true,"computed":true},"description":{"type":"string","description":"Provides additional information about the rule.","description_kind":"plain","optional":true},"enabled":{"type":"bool","description":"True means this rule is enabled. False means the rule is currently not creating metrics.","description_kind":"plain","optional":true},"id":{"type":"string","description_kind":"plain","optional":true,"computed":true},"name":{"type":"string","description":"The name of the rule. This must be unique within an account.","description_kind":"plain","required":true},"nrql":{"type":"string","description":"Explains how to create metrics from events.","description_kind":"plain","required":true},"rule_id":{"type":"string","description":"The id, uniquely identifying the rule.","description_kind":"plain","computed":true}},"description_kind":"plain"}},"newrelic_infra_alert_condition":{"version":0,"block":{"attributes":{"comparison":{"type":"string","description":"The operator used to evaluate the threshold value. Valid values are above, below, and equal. Supported by the infra_metric and infra_process_running condition types.","description_kind":"plain","optional":true},"created_at":{"type":"number","description":"The timestamp the alert condition was created.","description_kind":"plain","computed":true},"description":{"type":"string","description":"The description of the Infrastructure alert condition.","description_kind":"plain","optional":true},"enabled":{"type":"bool","description":"Whether the condition is turned on or off. Valid values are true and false. Defaults to true.","description_kind":"plain","optional":true},"event":{"type":"string","description":"The metric event; for example, SystemSample or StorageSample. Supported by the infra_metric condition type.","description_kind":"plain","optional":true,"computed":true},"id":{"type":"string","description_kind":"plain","optional":true,"computed":true},"integration_provider":{"type":"string","description":"For alerts on integrations, use this instead of event. Supported by the infra_metric condition type.","description_kind":"plain","optional":true},"name":{"type":"string","description":"The Infrastructure alert condition's name.","description_kind":"plain","required":true},"policy_id":{"type":"number","description":"The ID of the alert policy where this condition should be used.","description_kind":"plain","required":true},"process_where":{"type":"string","description":"Any filters applied to processes; for example: commandName = 'java'. Supported by the infra_process_running condition type.","description_kind":"plain","optional":true},"runbook_url":{"type":"string","description":"Runbook URL to display in notifications.","description_kind":"plain","optional":true},"select":{"type":"string","description":"The attribute name to identify the metric being targeted; for example, cpuPercent, diskFreePercent, or memoryResidentSizeBytes. The underlying API will automatically populate this value for Infrastructure integrations (for example diskFreePercent), so make sure to explicitly include this value to avoid diff issues. Supported by the infra_metric condition type.","description_kind":"plain","optional":true},"type":{"type":"string","description":"The type of Infrastructure alert condition. Valid values are infra_process_running, infra_metric, and infra_host_not_reporting.","description_kind":"plain","required":true},"updated_at":{"type":"number","description":"The timestamp the alert condition was last updated.","description_kind":"plain","computed":true},"violation_close_timer":{"type":"number","description":"Determines how much time, in minutes, will pass before a violation is automatically closed. Setting the time limit to 0 prevents a violation from being force-closed. Valid values are 0, 1, 2, 4, 8, 12, 24, 48, or 72","description_kind":"plain","optional":true},"where":{"type":"string","description":"If applicable, this identifies any Infrastructure host filters used; for example: hostname LIKE '%cassandra%'.","description_kind":"plain","optional":true}},"block_types":{"critical":{"nesting_mode":"list","block":{"attributes":{"duration":{"type":"number","description_kind":"plain","required":true},"time_function":{"type":"string","description_kind":"plain","optional":true},"value":{"type":"number","description_kind":"plain","optional":true}},"description":"Identifies the threshold parameters for opening a critical alert violation.","description_kind":"plain"},"max_items":1},"warning":{"nesting_mode":"list","block":{"attributes":{"duration":{"type":"number","description_kind":"plain","required":true},"time_function":{"type":"string","description_kind":"plain","optional":true},"value":{"type":"number","description_kind":"plain","optional":true}},"description":"Identifies the threshold parameters for opening a warning alert violation.","description_kind":"plain"},"max_items":1}},"description_kind":"plain"}},"newrelic_insights_event":{"version":0,"block":{"attributes":{"id":{"type":"string","description_kind":"plain","optional":true,"computed":true}},"block_types":{"event":{"nesting_mode":"set","block":{"attributes":{"timestamp":{"type":"number","description":"Must be a Unix epoch timestamp. You can define timestamps either in seconds or in milliseconds.","description_kind":"plain","optional":true},"type":{"type":"string","description":"The event's name. Can be a combination of alphanumeric characters, underscores, and colons.","description_kind":"plain","required":true}},"block_types":{"attribute":{"nesting_mode":"set","block":{"attributes":{"key":{"type":"string","description":"The name of the attribute.","description_kind":"plain","required":true},"type":{"type":"string","description":"Specify the type for the attribute value. This is useful when passing integer or float values to Insights. Allowed values are string, int, or float. Defaults to string.","description_kind":"plain","optional":true},"value":{"type":"string","description":"The value of the attribute.","description_kind":"plain","required":true}},"description":"An attribute to include in your event payload. Multiple attribute blocks can be defined for an event.","description_kind":"plain"},"min_items":1,"max_items":255}},"description_kind":"plain"},"min_items":1}},"description_kind":"plain"}},"newrelic_nrql_alert_condition":{"version":0,"block":{"attributes":{"account_id":{"type":"number","description":"The New Relic account ID for managing your NRQL alert conditions.","description_kind":"plain","optional":true,"computed":true},"baseline_direction":{"type":"string","description":"The baseline direction of a baseline NRQL alert condition. Valid values are: 'LOWER_ONLY', 'UPPER_AND_LOWER', 'UPPER_ONLY' (case insensitive).","description_kind":"plain","optional":true},"close_violations_on_expiration":{"type":"bool","description":"Whether to close all open violations when the signal expires.","description_kind":"plain","optional":true},"description":{"type":"string","description":"The description of the NRQL alert condition.","description_kind":"plain","optional":true},"enabled":{"type":"bool","description":"Whether or not to enable the alert condition.","description_kind":"plain","optional":true},"expected_groups":{"type":"number","description":"Number of expected groups when using outlier detection.","description_kind":"plain","optional":true},"expiration_duration":{"type":"number","description":"The amount of time (in seconds) to wait before considering the signal expired.","description_kind":"plain","optional":true},"fill_option":{"type":"string","description":"Which strategy to use when filling gaps in the signal. If static, the 'fill value' will be used for filling gaps in the signal. Valid values are: 'NONE', 'LAST_VALUE', or 'STATIC' (case insensitive).","description_kind":"plain","optional":true},"fill_value":{"type":"number","description":"If using the 'static' fill option, this value will be used for filling gaps in the signal.","description_kind":"plain","optional":true},"id":{"type":"string","description_kind":"plain","optional":true,"computed":true},"ignore_overlap":{"type":"bool","description":"Whether to look for a convergence of groups when using outlier detection.","description_kind":"plain","deprecated":true,"optional":true},"name":{"type":"string","description":"The title of the condition.","description_kind":"plain","required":true},"open_violation_on_expiration":{"type":"bool","description":"Whether to create a new violation to capture that the signal expired.","description_kind":"plain","optional":true},"open_violation_on_group_overlap":{"type":"bool","description":"Whether overlapping groups should produce a violation.","description_kind":"plain","optional":true},"policy_id":{"type":"number","description":"The ID of the policy where this condition should be used.","description_kind":"plain","required":true},"runbook_url":{"type":"string","description":"Runbook URL to display in notifications.","description_kind":"plain","optional":true},"type":{"type":"string","description":"The type of NRQL alert condition to create. Valid values are: 'static', 'outlier', 'baseline'.","description_kind":"plain","optional":true},"value_function":{"type":"string","description":"Valid values are: 'single_value' or 'sum'","description_kind":"plain","optional":true},"violation_time_limit":{"type":"string","description":"Sets a time limit, in hours, that will automatically force-close a long-lasting violation after the time limit you select. Possible values are 'ONE_HOUR', 'TWO_HOURS', 'FOUR_HOURS', 'EIGHT_HOURS', 'TWELVE_HOURS', 'TWENTY_FOUR_HOURS' (case insensitive).","description_kind":"plain","optional":true},"violation_time_limit_seconds":{"type":"number","description":"Sets a time limit, in seconds, that will automatically force-close a long-lasting violation after the time limit you select. Possible values are 3600, 7200, 14400, 28800, 43200, and 86400.","description_kind":"plain","deprecated":true,"optional":true}},"block_types":{"critical":{"nesting_mode":"list","block":{"attributes":{"duration":{"type":"number","description":"In minutes, must be in the range of 1 to 120 (inclusive).","description_kind":"plain","deprecated":true,"optional":true},"operator":{"type":"string","description":"One of (above, below, equals). Defaults to 'equals'.","description_kind":"plain","optional":true},"threshold":{"type":"number","description":"Must be 0 or greater. For baseline conditions must be in range [1, 1000].","description_kind":"plain","required":true},"threshold_duration":{"type":"number","description":"The duration of time, in seconds, that the threshold must violate for in order to create a violation. Value must be a multiple of 60 and within 120-3600 seconds for baseline conditions and 120-7200 seconds for static conditions.","description_kind":"plain","optional":true},"threshold_occurrences":{"type":"string","description":"The criteria for how many data points must be in violation for the specified threshold duration. Valid values are: 'ALL' or 'AT_LEAST_ONCE' (case insensitive).","description_kind":"plain","optional":true},"time_function":{"type":"string","description":"Valid values are: 'all' or 'any'","description_kind":"plain","deprecated":true,"optional":true}},"description":"A condition term with priority set to critical.","description_kind":"plain"},"max_items":1},"nrql":{"nesting_mode":"list","block":{"attributes":{"evaluation_offset":{"type":"number","description":"NRQL queries are evaluated in one-minute time windows. The start time depends on the value you provide in the NRQL condition's `evaluation_offset`.","description_kind":"plain","optional":true},"query":{"type":"string","description_kind":"plain","required":true},"since_value":{"type":"string","description":"NRQL queries are evaluated in one-minute time windows. The start time depends on the value you provide in the NRQL condition's `since_value`.","description_kind":"plain","deprecated":true,"optional":true}},"description":"A NRQL query.","description_kind":"plain"},"min_items":1,"max_items":1},"term":{"nesting_mode":"set","block":{"attributes":{"duration":{"type":"number","description":"In minutes, must be in the range of 1 to 120 (inclusive).","description_kind":"plain","deprecated":true,"optional":true},"operator":{"type":"string","description":"One of (above, below, equals). Defaults to 'equals'.","description_kind":"plain","optional":true},"priority":{"type":"string","description":"One of (critical, warning). Defaults to 'critical'. At least one condition term must have priority set to 'critical'.","description_kind":"plain","optional":true},"threshold":{"type":"number","description":"Must be 0 or greater. For baseline conditions must be in range [1, 1000].","description_kind":"plain","required":true},"threshold_duration":{"type":"number","description":"The duration of time, in seconds, that the threshold must violate for in order to create a violation. Value must be a multiple of 60 and within 120-3600 seconds for baseline conditions and 120-7200 seconds for static conditions.","description_kind":"plain","optional":true},"threshold_occurrences":{"type":"string","description":"The criteria for how many data points must be in violation for the specified threshold duration. Valid values are: 'ALL' or 'AT_LEAST_ONCE' (case insensitive).","description_kind":"plain","optional":true},"time_function":{"type":"string","description":"Valid values are: 'all' or 'any'","description_kind":"plain","deprecated":true,"optional":true}},"description":"A set of terms for this condition. Max 2 terms allowed - at least one 1 critical term and 1 optional warning term.","description_kind":"plain","deprecated":true},"max_items":2},"warning":{"nesting_mode":"list","block":{"attributes":{"duration":{"type":"number","description":"In minutes, must be in the range of 1 to 120 (inclusive).","description_kind":"plain","deprecated":true,"optional":true},"operator":{"type":"string","description":"One of (above, below, equals). Defaults to 'equals'.","description_kind":"plain","optional":true},"threshold":{"type":"number","description":"Must be 0 or greater. For baseline conditions must be in range [1, 1000].","description_kind":"plain","required":true},"threshold_duration":{"type":"number","description":"The duration of time, in seconds, that the threshold must violate for in order to create a violation. Value must be a multiple of 60 and within 120-3600 seconds for baseline conditions and 120-7200 seconds for static conditions.","description_kind":"plain","optional":true},"threshold_occurrences":{"type":"string","description":"The criteria for how many data points must be in violation for the specified threshold duration. Valid values are: 'ALL' or 'AT_LEAST_ONCE' (case insensitive).","description_kind":"plain","optional":true},"time_function":{"type":"string","description":"Valid values are: 'all' or 'any'","description_kind":"plain","deprecated":true,"optional":true}},"description":"A condition term with priority set to warning.","description_kind":"plain"},"max_items":1}},"description_kind":"plain"}},"newrelic_plugins_alert_condition":{"version":0,"block":{"attributes":{"enabled":{"type":"bool","description":"Whether or not this condition is enabled.","description_kind":"plain","optional":true},"entities":{"type":["set","number"],"description":"The plugin component IDs to target.","description_kind":"plain","required":true},"id":{"type":"string","description_kind":"plain","optional":true,"computed":true},"metric":{"type":"string","description":"The plugin metric to evaluate.","description_kind":"plain","required":true},"metric_description":{"type":"string","description":"The metric description.","description_kind":"plain","required":true},"name":{"type":"string","description":"The title of the condition. Must be between 1 and 64 characters, inclusive.","description_kind":"plain","required":true},"plugin_guid":{"type":"string","description":"The GUID of the plugin which produces the metric.","description_kind":"plain","required":true},"plugin_id":{"type":"string","description":"The ID of the installed plugin instance which produces the metric.","description_kind":"plain","required":true},"policy_id":{"type":"number","description":"The ID of the policy where this condition should be used.","description_kind":"plain","required":true},"runbook_url":{"type":"string","description":"Runbook URL to display in notifications.","description_kind":"plain","optional":true},"value_function":{"type":"string","description":"The value function to apply to the metric data.  One of `min`, `max`, `average`, `sample_size`, `total`, or `percent`.","description_kind":"plain","required":true}},"block_types":{"term":{"nesting_mode":"set","block":{"attributes":{"duration":{"type":"number","description":"In minutes, must be in the range of 5 to 120, inclusive.","description_kind":"plain","required":true},"operator":{"type":"string","description":"One of `above`, `below`, or `equal`. Defaults to equal.","description_kind":"plain","optional":true},"priority":{"type":"string","description":"One of `critical` or `warning`. Defaults to critical.","description_kind":"plain","optional":true},"threshold":{"type":"number","description":"Must be 0 or greater.","description_kind":"plain","required":true},"time_function":{"type":"string","description":"One of `all` or `any`.","description_kind":"plain","required":true}},"description_kind":"plain"},"min_items":1}},"description_kind":"plain"}},"newrelic_synthetics_alert_condition":{"version":0,"block":{"attributes":{"enabled":{"type":"bool","description":"Set whether to enable the alert condition. Defaults to true.","description_kind":"plain","optional":true},"id":{"type":"string","description_kind":"plain","optional":true,"computed":true},"monitor_id":{"type":"string","description":"The ID of the Synthetics monitor to be referenced in the alert condition.","description_kind":"plain","required":true},"name":{"type":"string","description":"The title of this condition.","description_kind":"plain","required":true},"policy_id":{"type":"number","description":"The ID of the policy where this condition should be used.","description_kind":"plain","required":true},"runbook_url":{"type":"string","description":"Runbook URL to display in notifications.","description_kind":"plain","optional":true}},"description_kind":"plain"}},"newrelic_synthetics_label":{"version":0,"block":{"attributes":{"href":{"type":"string","description":"The URL of the Synthetics label.","description_kind":"plain","computed":true},"id":{"type":"string","description_kind":"plain","optional":true,"computed":true},"monitor_id":{"type":"string","description":"The ID of the monitor that will be assigned the label.","description_kind":"plain","required":true},"type":{"type":"string","description":"A string representing the label key/category.","description_kind":"plain","required":true},"value":{"type":"string","description":"A string representing the label value.","description_kind":"plain","required":true}},"description_kind":"plain","deprecated":true}},"newrelic_synthetics_monitor":{"version":0,"block":{"attributes":{"bypass_head_request":{"type":"bool","description":"Bypass HEAD request.","description_kind":"plain","optional":true},"frequency":{"type":"number","description":"The interval (in minutes) at which this monitor should run. Valid values are 1, 5, 10, 15, 30, 60, 360, 720, or 1440.","description_kind":"plain","required":true},"id":{"type":"string","description_kind":"plain","optional":true,"computed":true},"locations":{"type":["set","string"],"description":"The locations in which this monitor should be run.","description_kind":"plain","required":true},"name":{"type":"string","description":"The title of this monitor.","description_kind":"plain","required":true},"sla_threshold":{"type":"number","description":"The base threshold for the SLA report.","description_kind":"plain","optional":true},"status":{"type":"string","description":"The monitor status (i.e. ENABLED, MUTED, DISABLED).","description_kind":"plain","required":true},"treat_redirect_as_failure":{"type":"bool","description":"Fail the monitor check if redirected.","description_kind":"plain","optional":true},"type":{"type":"string","description":"The monitor type. Valid values are SIMPLE, BROWSER, SCRIPT_BROWSER, and SCRIPT_API.","description_kind":"plain","required":true},"uri":{"type":"string","description":"The URI for the monitor to hit.","description_kind":"plain","optional":true},"validation_string":{"type":"string","description":"The string to validate against in the response.","description_kind":"plain","optional":true},"verify_ssl":{"type":"bool","description":"Verify SSL.","description_kind":"plain","optional":true}},"description_kind":"plain"}},"newrelic_synthetics_monitor_script":{"version":0,"block":{"attributes":{"id":{"type":"string","description_kind":"plain","optional":true,"computed":true},"monitor_id":{"type":"string","description":"The ID of the monitor to attach the script to.","description_kind":"plain","required":true},"text":{"type":"string","description":"The plaintext representing the monitor script.","description_kind":"plain","required":true}},"description_kind":"plain"}},"newrelic_synthetics_multilocation_alert_condition":{"version":0,"block":{"attributes":{"enabled":{"type":"bool","description":"Set whether to enable the alert condition. Defaults to true.","description_kind":"plain","optional":true},"entities":{"type":["list","string"],"description":"The GUIDs of the Synthetics monitors to alert on.","description_kind":"plain","required":true},"id":{"type":"string","description_kind":"plain","optional":true,"computed":true},"name":{"type":"string","description":"The title of this condition.","description_kind":"plain","required":true},"policy_id":{"type":"number","description":"The ID of the policy where this condition will be used.","description_kind":"plain","required":true},"runbook_url":{"type":"string","description":"Runbook URL to display in notifications.","description_kind":"plain","optional":true},"violation_time_limit_seconds":{"type":"number","description":"The maximum number of seconds a violation can remain open before being closed by the system.  Must be one of: 0, 3600, 7200, 14400, 28800, 43200, 86400","description_kind":"plain","required":true}},"block_types":{"critical":{"nesting_mode":"list","block":{"attributes":{"threshold":{"type":"number","description":"The minimum number of monitor locations that must be concurrently failing before a violation is opened.","description_kind":"plain","required":true}},"description":"A condition term with priority set to critical.","description_kind":"plain"},"min_items":1,"max_items":1},"warning":{"nesting_mode":"list","block":{"attributes":{"threshold":{"type":"number","description":"The minimum number of monitor locations that must be concurrently failing before a violation is opened.","description_kind":"plain","required":true}},"description":"A condition term with priority set to warning.","description_kind":"plain"},"max_items":1}},"description_kind":"plain"}},"newrelic_synthetics_secure_credential":{"version":0,"block":{"attributes":{"created_at":{"type":"string","description":"The time the secure credential was created.","description_kind":"plain","optional":true,"computed":true},"description":{"type":"string","description":"The secure credential's description.","description_kind":"plain","optional":true},"id":{"type":"string","description_kind":"plain","optional":true,"computed":true},"key":{"type":"string","description":"The secure credential's key name. Regardless of the case used in the configuration, the provider will provide an upcased key to the underlying API.","description_kind":"plain","required":true},"last_updated":{"type":"string","description":"The time the secure credential was last updated.","description_kind":"plain","optional":true,"computed":true},"value":{"type":"string","description":"The secure credential's value.","description_kind":"plain","required":true,"sensitive":true}},"description_kind":"plain"}},"newrelic_workload":{"version":0,"block":{"attributes":{"account_id":{"type":"number","description":"The New Relic account ID where you want to create the workload.","description_kind":"plain","optional":true,"computed":true},"composite_entity_search_query":{"type":"string","description":"The composite query used to compose a dynamic workload.","description_kind":"plain","computed":true},"entity_guids":{"type":["set","string"],"description":"A list of entity GUIDs manually assigned to this workload.","description_kind":"plain","optional":true,"computed":true},"guid":{"type":"string","description":"The unique entity identifier of the workload in New Relic.","description_kind":"plain","computed":true},"id":{"type":"string","description_kind":"plain","optional":true,"computed":true},"name":{"type":"string","description":"The workload's name.","description_kind":"plain","required":true},"permalink":{"type":"string","description":"The URL of the workload.","description_kind":"plain","computed":true},"scope_account_ids":{"type":["set","number"],"description":"A list of account IDs that will be used to get entities from.","description_kind":"plain","optional":true,"computed":true},"workload_id":{"type":"number","description":"The unique entity identifier of the workload.","description_kind":"plain","computed":true}},"block_types":{"entity_search_query":{"nesting_mode":"set","block":{"attributes":{"query":{"type":"string","description":"The query.","description_kind":"plain","required":true}},"description":"A list of search queries that define a dynamic workload.","description_kind":"plain"}}},"description_kind":"plain"}}},"data_source_schemas":{"newrelic_account":{"version":0,"block":{"attributes":{"account_id":{"type":"number","description":"The ID of the account in New Relic.","description_kind":"plain","optional":true},"id":{"type":"string","description_kind":"plain","optional":true,"computed":true},"name":{"type":"string","description":"The name of the account in New Relic.","description_kind":"plain","optional":true},"scope":{"type":"string","description":"The scope of the account in New Relic.  Valid values are \"global\" and \"in_region\".  Defaults to \"in_region\".","description_kind":"plain","optional":true}},"description_kind":"plain"}},"newrelic_alert_channel":{"version":0,"block":{"attributes":{"config":{"type":["list",["object",{"api_key":"string","auth_password":"string","auth_type":"string","auth_username":"string","base_url":"string","channel":"string","headers":["map","string"],"include_json_attachment":"string","key":"string","payload":["map","string"],"payload_type":"string","recipients":"string","region":"string","route_key":"string","service_key":"string","tags":"string","teams":"string","url":"string","user_id":"string"}]],"description":"Alert channel configuration.","description_kind":"plain","computed":true},"id":{"type":"string","description_kind":"plain","optional":true,"computed":true},"name":{"type":"string","description":"The name of the alert channel in New Relic.","description_kind":"plain","required":true},"policy_ids":{"type":["list","number"],"description":"A list of policy IDs associated with the alert channel.","description_kind":"plain","computed":true},"type":{"type":"string","description":"The type of channel. One of: (opsgenie, pagerduty, slack, user, victorops, webhook, email).","description_kind":"plain","computed":true}},"description_kind":"plain"}},"newrelic_alert_policy":{"version":0,"block":{"attributes":{"account_id":{"type":"number","description":"The New Relic account ID to operate on.","description_kind":"plain","optional":true,"computed":true},"created_at":{"type":"string","description":"The time the policy was created.","description_kind":"plain","computed":true},"id":{"type":"string","description_kind":"plain","optional":true,"computed":true},"incident_preference":{"type":"string","description":"The rollup strategy for the policy. Options include: `PER_POLICY`, `PER_CONDITION`, or `PER_CONDITION_AND_TARGET`. The default is `PER_POLICY`.","description_kind":"plain","optional":true},"name":{"type":"string","description":"The name of the alert policy in New Relic.","description_kind":"plain","required":true},"updated_at":{"type":"string","description":"The time the policy was last updated.","description_kind":"plain","computed":true}},"description_kind":"plain"}},"newrelic_application":{"version":0,"block":{"attributes":{"host_ids":{"type":["list","number"],"description":"A list of host IDs associated with the application.","description_kind":"plain","computed":true},"id":{"type":"string","description_kind":"plain","optional":true,"computed":true},"instance_ids":{"type":["list","number"],"description":"A list of instance IDs associated with the application.","description_kind":"plain","computed":true},"name":{"type":"string","description":"The name of the application in New Relic.","description_kind":"plain","required":true}},"description_kind":"plain","deprecated":true}},"newrelic_entity":{"version":0,"block":{"attributes":{"account_id":{"type":"number","description":"The New Relic account ID associated with this entity.","description_kind":"plain","computed":true},"application_id":{"type":"number","description":"The domain-specific ID of the entity (only returned for APM and Browser applications)","description_kind":"plain","computed":true},"domain":{"type":"string","description":"The entity's domain. Valid values are APM, BROWSER, INFRA, MOBILE, SYNTH, and VIZ. If not specified, all domains are searched.","description_kind":"plain","optional":true,"computed":true},"guid":{"type":"string","description":"A unique entity identifier.","description_kind":"plain","computed":true},"id":{"type":"string","description_kind":"plain","optional":true,"computed":true},"name":{"type":"string","description":"The name of the entity in New Relic One.  The first entity matching this name for the given search parameters will be returned.","description_kind":"plain","required":true},"type":{"type":"string","description":"The entity's type. Valid values are APPLICATION, DASHBOARD, HOST, MONITOR, and WORKLOAD.","description_kind":"plain","optional":true,"computed":true}},"block_types":{"tag":{"nesting_mode":"list","block":{"attributes":{"key":{"type":"string","description":"The tag key.","description_kind":"plain","required":true},"value":{"type":"string","description":"The tag value.","description_kind":"plain","required":true}},"description":"A tag applied to the entity.","description_kind":"plain"},"max_items":1}},"description_kind":"plain"}},"newrelic_key_transaction":{"version":0,"block":{"attributes":{"id":{"type":"string","description_kind":"plain","optional":true,"computed":true},"name":{"type":"string","description":"The name of the key transaction in New Relic.","description_kind":"plain","required":true}},"description_kind":"plain"}},"newrelic_plugin":{"version":0,"block":{"attributes":{"guid":{"type":"string","description":"The GUID of the plugin in New Relic.","description_kind":"plain","required":true},"id":{"type":"string","description":"The ID of the installed plugin instance.","description_kind":"plain","computed":true}},"description_kind":"plain"}},"newrelic_plugin_component":{"version":0,"block":{"attributes":{"health_status":{"type":"string","description":"The health status of the plugin component.","description_kind":"plain","computed":true},"id":{"type":"string","description":"The ID of the plugin component.","description_kind":"plain","computed":true},"name":{"type":"string","description":"The name of the plugin component.","description_kind":"plain","required":true},"plugin_id":{"type":"number","description":"The ID of the plugin instance this component belongs to.","description_kind":"plain","required":true}},"description_kind":"plain"}},"newrelic_synthetics_monitor":{"version":0,"block":{"attributes":{"id":{"type":"string","description_kind":"plain","optional":true,"computed":true},"monitor_id":{"type":"string","description":"The ID of the synthetics monitor.","description_kind":"plain","computed":true},"name":{"type":"string","description":"The name of the synthetics monitor in New Relic.","description_kind":"plain","required":true}},"description_kind":"plain"}},"newrelic_synthetics_monitor_location":{"version":0,"block":{"attributes":{"description":{"type":"string","description":"A description of the Synthetics monitor location.","description_kind":"plain","computed":true},"high_security_mode":{"type":"bool","description":"Represents if high security mode is enabled for the location. A value of true means that high security mode is enabled, and a value of false means it is disabled.","description_kind":"plain","computed":true},"id":{"type":"string","description_kind":"plain","optional":true,"computed":true},"label":{"type":"string","description":"The label of the Synthetics monitor location.","description_kind":"plain","required":true},"name":{"type":"string","description":"The name of the Synthetics monitor location.","description_kind":"plain","computed":true},"private":{"type":"bool","description":"Represents if this location is a private location. A value of true means that the location is private, and a value of false means it is public.","description_kind":"plain","computed":true}},"description_kind":"plain"}},"newrelic_synthetics_secure_credential":{"version":0,"block":{"attributes":{"created_at":{"type":"string","description":"The time the secure credential was created.","description_kind":"plain","computed":true},"description":{"type":"string","description":"The secure credential's description.","description_kind":"plain","computed":true},"id":{"type":"string","description_kind":"plain","optional":true,"computed":true},"key":{"type":"string","description":"The secure credential's key name. Regardless of the case used in the configuration, the provider will provide an upcased key to the underlying API.","description_kind":"plain","required":true},"last_updated":{"type":"string","description":"The time the secure credential was last updated.","description_kind":"plain","computed":true}},"description_kind":"plain"}}}}}}
