{"format_version":"0.2","provider_schemas":{"registry.terraform.io/nirmata/nirmata":{"provider":{"version":0,"block":{"attributes":{"token":{"type":"string","description":"Nirmata API Access Token","description_kind":"plain","required":true,"sensitive":true},"url":{"type":"string","description":"Nirmata URL (HTTPS) address","description_kind":"plain","optional":true}},"description_kind":"plain"}},"resource_schemas":{"nirmata_aws_role_credentials":{"version":0,"block":{"attributes":{"aws_access_key_id":{"type":"string","description_kind":"plain","optional":true},"aws_external_id":{"type":"string","description_kind":"plain","optional":true},"aws_role_arn":{"type":"string","description_kind":"plain","optional":true},"aws_secret_key":{"type":"string","description_kind":"plain","optional":true},"description":{"type":"string","description_kind":"plain","optional":true},"id":{"type":"string","description_kind":"plain","optional":true,"computed":true},"name":{"type":"string","description_kind":"plain","required":true},"region":{"type":"string","description_kind":"plain","required":true}},"description_kind":"plain"}},"nirmata_catalog":{"version":0,"block":{"attributes":{"description":{"type":"string","description_kind":"plain","optional":true},"id":{"type":"string","description_kind":"plain","optional":true,"computed":true},"labels":{"type":["map","string"],"description_kind":"plain","optional":true},"name":{"type":"string","description_kind":"plain","required":true}},"description_kind":"plain"}},"nirmata_catalog_application":{"version":0,"block":{"attributes":{"catalog":{"type":"string","description_kind":"plain","required":true},"id":{"type":"string","description_kind":"plain","optional":true,"computed":true},"name":{"type":"string","description_kind":"plain","required":true},"release_name":{"type":"string","description_kind":"plain","computed":true},"version":{"type":"string","description_kind":"plain","computed":true},"yamls":{"type":"string","description_kind":"plain","required":true}},"description_kind":"plain"}},"nirmata_cluster":{"version":0,"block":{"attributes":{"cluster_field_override":{"type":["map","string"],"description_kind":"plain","optional":true},"cluster_type":{"type":"string","description_kind":"plain","required":true},"delete_action":{"type":"string","description_kind":"plain","optional":true},"id":{"type":"string","description_kind":"plain","optional":true,"computed":true},"labels":{"type":["map","string"],"description_kind":"plain","optional":true},"name":{"type":"string","description_kind":"plain","required":true},"nodepool_field_override":{"type":["map","string"],"description_kind":"plain","optional":true},"override_credentials":{"type":"string","description_kind":"plain","optional":true},"system_metadata":{"type":["map","string"],"description_kind":"plain","optional":true}},"block_types":{"nodepools":{"nesting_mode":"list","block":{"attributes":{"enable_auto_scaling":{"type":"bool","description_kind":"plain","optional":true},"max_count":{"type":"number","description_kind":"plain","optional":true},"min_count":{"type":"number","description_kind":"plain","optional":true},"node_count":{"type":"number","description_kind":"plain","required":true}},"description_kind":"plain"},"min_items":1}},"description_kind":"plain"}},"nirmata_cluster_addons":{"version":0,"block":{"attributes":{"application":{"type":"string","description_kind":"plain","required":true},"catalog":{"type":"string","description_kind":"plain","required":true},"channel":{"type":"string","description_kind":"plain","optional":true},"cluster":{"type":"string","description_kind":"plain","required":true},"environment":{"type":"string","description_kind":"plain","optional":true},"id":{"type":"string","description_kind":"plain","optional":true,"computed":true},"labels":{"type":["map","string"],"description_kind":"plain","optional":true},"name":{"type":"string","description_kind":"plain","required":true},"namespace":{"type":"string","description_kind":"plain","optional":true}},"description_kind":"plain"}},"nirmata_cluster_direct_connect":{"version":0,"block":{"attributes":{"host_group":{"type":"string","description_kind":"plain","required":true},"id":{"type":"string","description_kind":"plain","optional":true,"computed":true},"name":{"type":"string","description_kind":"plain","required":true},"policy":{"type":"string","description_kind":"plain","required":true},"state":{"type":"string","description_kind":"plain","computed":true},"status":{"type":["list","string"],"description_kind":"plain","computed":true}},"description_kind":"plain"}},"nirmata_cluster_imported":{"version":0,"block":{"attributes":{"cluster_type":{"type":"string","description_kind":"plain","required":true},"credentials":{"type":"string","description_kind":"plain","required":true},"delete_action":{"type":"string","description_kind":"plain","optional":true},"id":{"type":"string","description_kind":"plain","optional":true,"computed":true},"labels":{"type":["map","string"],"description_kind":"plain","optional":true},"name":{"type":"string","description_kind":"plain","required":true},"project":{"type":"string","description_kind":"plain","required":true},"region":{"type":"string","description_kind":"plain","optional":true},"system_metadata":{"type":["map","string"],"description_kind":"plain","optional":true}},"block_types":{"timeouts":{"nesting_mode":"single","block":{"attributes":{"create":{"type":"string","description_kind":"plain","optional":true}},"description_kind":"plain"}},"vault_auth":{"nesting_mode":"list","block":{"attributes":{"addon_name":{"type":"string","description_kind":"plain","required":true},"credentials_id":{"type":"string","description_kind":"plain","optional":true},"credentials_name":{"type":"string","description_kind":"plain","optional":true},"delete_auth_path":{"type":"bool","description_kind":"plain","optional":true},"name":{"type":"string","description_kind":"plain","required":true},"path":{"type":"string","description_kind":"plain","required":true}},"block_types":{"roles":{"nesting_mode":"list","block":{"attributes":{"name":{"type":"string","description_kind":"plain","required":true},"namespace":{"type":"string","description_kind":"plain","required":true},"policies":{"type":"string","description_kind":"plain","required":true},"service_account_name":{"type":"string","description_kind":"plain","required":true}},"description_kind":"plain"}}},"description_kind":"plain"},"max_items":1}},"description_kind":"plain"}},"nirmata_cluster_registered":{"version":0,"block":{"attributes":{"cluster_type":{"type":"string","description_kind":"plain","required":true},"controller_yamls":{"type":"string","description_kind":"plain","computed":true},"controller_yamls_count":{"type":"number","description_kind":"plain","computed":true},"controller_yamls_folder":{"type":"string","description_kind":"plain","computed":true},"delete_action":{"type":"string","description_kind":"plain","optional":true},"id":{"type":"string","description_kind":"plain","optional":true,"computed":true},"labels":{"type":["map","string"],"description_kind":"plain","optional":true},"name":{"type":"string","description_kind":"plain","required":true},"state":{"type":"string","description_kind":"plain","computed":true}},"block_types":{"timeouts":{"nesting_mode":"single","block":{"attributes":{"create":{"type":"string","description_kind":"plain","optional":true}},"description_kind":"plain"}}},"description_kind":"plain"}},"nirmata_cluster_type_aks":{"version":0,"block":{"attributes":{"allow_override_credentials":{"type":"bool","description_kind":"plain","optional":true},"auto_sync_namespaces":{"type":"bool","description_kind":"plain","required":true},"cluster_field_override":{"type":["map","string"],"description_kind":"plain","optional":true},"credentials":{"type":"string","description_kind":"plain","required":true},"dns_service_ip":{"type":"string","description_kind":"plain","required":true},"docker_bridge_cidr":{"type":"string","description_kind":"plain","required":true},"enable_private_cluster":{"type":"bool","description_kind":"plain","required":true},"https_application_routing":{"type":"bool","description_kind":"plain","required":true},"id":{"type":"string","description_kind":"plain","optional":true,"computed":true},"monitoring":{"type":"bool","description_kind":"plain","required":true},"name":{"type":"string","description_kind":"plain","required":true},"network_policy":{"type":"string","description_kind":"plain","required":true},"network_profile":{"type":"string","description_kind":"plain","required":true},"region":{"type":"string","description_kind":"plain","required":true},"resource_group":{"type":"string","description_kind":"plain","required":true},"service_cidr":{"type":"string","description_kind":"plain","required":true},"system_metadata":{"type":["map","string"],"description_kind":"plain","optional":true},"version":{"type":"string","description_kind":"plain","required":true},"workspace_id":{"type":"string","description_kind":"plain","required":true}},"block_types":{"timeouts":{"nesting_mode":"single","block":{"attributes":{"create":{"type":"string","description_kind":"plain","optional":true}},"description_kind":"plain"}}},"description_kind":"plain"}},"nirmata_cluster_type_eks":{"version":0,"block":{"attributes":{"allow_override_credentials":{"type":"bool","description_kind":"plain","optional":true},"auto_sync_namespaces":{"type":"bool","description_kind":"plain","required":true},"cluster_field_override":{"type":["map","string"],"description_kind":"plain","optional":true},"cluster_role_arn":{"type":"string","description_kind":"plain","required":true},"credentials":{"type":"string","description_kind":"plain","required":true},"enable_fargate":{"type":"bool","description_kind":"plain","optional":true},"enable_identity_provider":{"type":"bool","description_kind":"plain","optional":true},"enable_private_endpoint":{"type":"bool","description_kind":"plain","optional":true},"enable_secrets_encryption":{"type":"bool","description_kind":"plain","optional":true},"id":{"type":"string","description_kind":"plain","optional":true,"computed":true},"kms_key_arn":{"type":"string","description_kind":"plain","optional":true},"log_types":{"type":["list","string"],"description_kind":"plain","optional":true},"name":{"type":"string","description_kind":"plain","required":true},"namespace_label_selectors":{"type":["map","string"],"description_kind":"plain","optional":true},"nodepool_field_override":{"type":["map","string"],"description_kind":"plain","optional":true},"pod_execution_role_arn":{"type":"string","description_kind":"plain","optional":true},"pod_label_selectors":{"type":["map","string"],"description_kind":"plain","optional":true},"region":{"type":"string","description_kind":"plain","required":true},"security_groups":{"type":["list","string"],"description_kind":"plain","required":true},"subnet_id":{"type":["list","string"],"description_kind":"plain","required":true},"subnets":{"type":["list","string"],"description_kind":"plain","optional":true},"system_metadata":{"type":["map","string"],"description_kind":"plain","optional":true},"version":{"type":"string","description_kind":"plain","required":true},"vpc_id":{"type":"string","description_kind":"plain","required":true}},"block_types":{"addons":{"nesting_mode":"list","block":{"attributes":{"addon_selector":{"type":"string","description_kind":"plain","required":true},"catalog":{"type":"string","description_kind":"plain","required":true},"channel":{"type":"string","description_kind":"plain","optional":true},"name":{"type":"string","description_kind":"plain","required":true},"namespace":{"type":"string","description_kind":"plain","optional":true},"sequence_number":{"type":"number","description_kind":"plain","required":true}},"description_kind":"plain"}},"nodepools":{"nesting_mode":"list","block":{"attributes":{"ami_type":{"type":"string","description_kind":"plain","optional":true},"disk_size":{"type":"number","description_kind":"plain","required":true},"iam_role":{"type":"string","description_kind":"plain","required":true},"image_id":{"type":"string","description_kind":"plain","optional":true},"instance_type":{"type":"string","description_kind":"plain","required":true},"name":{"type":"string","description_kind":"plain","required":true},"node_annotations":{"type":["map","string"],"description_kind":"plain","optional":true},"node_labels":{"type":["map","string"],"description_kind":"plain","optional":true},"security_groups":{"type":["list","string"],"description_kind":"plain","required":true},"ssh_key_name":{"type":"string","description_kind":"plain","optional":true}},"description_kind":"plain"},"min_items":1},"timeouts":{"nesting_mode":"single","block":{"attributes":{"create":{"type":"string","description_kind":"plain","optional":true}},"description_kind":"plain"}},"vault_auth":{"nesting_mode":"list","block":{"attributes":{"addon_name":{"type":"string","description_kind":"plain","required":true},"credentials_id":{"type":"string","description_kind":"plain","optional":true},"credentials_name":{"type":"string","description_kind":"plain","optional":true},"delete_auth_path":{"type":"bool","description_kind":"plain","optional":true},"name":{"type":"string","description_kind":"plain","required":true},"path":{"type":"string","description_kind":"plain","required":true}},"block_types":{"roles":{"nesting_mode":"list","block":{"attributes":{"name":{"type":"string","description_kind":"plain","required":true},"namespace":{"type":"string","description_kind":"plain","required":true},"policies":{"type":"string","description_kind":"plain","required":true},"service_account_name":{"type":"string","description_kind":"plain","required":true}},"description_kind":"plain"}}},"description_kind":"plain"},"max_items":1}},"description_kind":"plain"}},"nirmata_cluster_type_gke":{"version":0,"block":{"attributes":{"allow_override_credentials":{"type":"bool","description_kind":"plain","optional":true},"auto_sync_namespaces":{"type":"bool","description_kind":"plain","optional":true},"channel":{"type":"string","description_kind":"plain","optional":true},"cluster_field_override":{"type":["list","string"],"description_kind":"plain","optional":true},"cluster_ipv4_cidr":{"type":"string","description_kind":"plain","optional":true},"credentials":{"type":"string","description_kind":"plain","required":true},"enable_cloud_run":{"type":"bool","description_kind":"plain","optional":true},"enable_horizontal_pod_autoscaling":{"type":"bool","description_kind":"plain","optional":true},"enable_http_load_balancing":{"type":"bool","description_kind":"plain","optional":true},"enable_maintenance_policy":{"type":"bool","description_kind":"plain","optional":true},"enable_network_policy":{"type":"bool","description_kind":"plain","optional":true},"enable_secrets_encryption":{"type":"bool","description_kind":"plain","optional":true},"enable_vertical_pod_autoscaling":{"type":"bool","description_kind":"plain","optional":true},"enable_workload_identity":{"type":"bool","description_kind":"plain","optional":true},"id":{"type":"string","description_kind":"plain","optional":true,"computed":true},"location_type":{"type":"string","description_kind":"plain","required":true},"maintenance_duration":{"type":"string","description_kind":"plain","optional":true},"maintenance_exclusion_timewindow":{"type":["map","string"],"description_kind":"plain","optional":true},"maintenance_recurrence":{"type":"string","description_kind":"plain","optional":true},"maintenance_start_time":{"type":"string","description_kind":"plain","optional":true},"name":{"type":"string","description_kind":"plain","required":true},"network":{"type":"string","description_kind":"plain","required":true},"node_locations":{"type":["list","string"],"description_kind":"plain","optional":true},"nodepool_field_override":{"type":["list","string"],"description_kind":"plain","optional":true},"project":{"type":"string","description_kind":"plain","required":true},"region":{"type":"string","description_kind":"plain","optional":true},"secrets_encryption_key":{"type":"string","description_kind":"plain","optional":true},"services_ipv4_cidr":{"type":"string","description_kind":"plain","optional":true},"subnetwork":{"type":"string","description_kind":"plain","required":true},"system_metadata":{"type":["map","string"],"description_kind":"plain","optional":true},"version":{"type":"string","description_kind":"plain","required":true},"workload_pool":{"type":"string","description_kind":"plain","optional":true},"zone":{"type":"string","description_kind":"plain","optional":true}},"block_types":{"addons":{"nesting_mode":"list","block":{"attributes":{"addon_selector":{"type":"string","description_kind":"plain","required":true},"catalog":{"type":"string","description_kind":"plain","required":true},"channel":{"type":"string","description_kind":"plain","optional":true},"name":{"type":"string","description_kind":"plain","required":true},"namespace":{"type":"string","description_kind":"plain","optional":true},"sequence_number":{"type":"number","description_kind":"plain","required":true}},"description_kind":"plain"}},"nodepools":{"nesting_mode":"list","block":{"attributes":{"auto_repair":{"type":"bool","description_kind":"plain","required":true},"auto_upgrade":{"type":"bool","description_kind":"plain","required":true},"disk_size":{"type":"number","description_kind":"plain","required":true},"enable_preemptible_nodes":{"type":"bool","description_kind":"plain","optional":true},"machine_type":{"type":"string","description_kind":"plain","required":true},"max_surge":{"type":"number","description_kind":"plain","optional":true},"max_unavailable":{"type":"number","description_kind":"plain","optional":true},"node_annotations":{"type":["map","string"],"description_kind":"plain","optional":true},"node_labels":{"type":["map","string"],"description_kind":"plain","optional":true},"service_account":{"type":"string","description_kind":"plain","optional":true}},"description_kind":"plain"},"min_items":1},"timeouts":{"nesting_mode":"single","block":{"attributes":{"create":{"type":"string","description_kind":"plain","optional":true}},"description_kind":"plain"}},"vault_auth":{"nesting_mode":"list","block":{"attributes":{"addon_name":{"type":"string","description_kind":"plain","required":true},"credentials_id":{"type":"string","description_kind":"plain","optional":true},"credentials_name":{"type":"string","description_kind":"plain","optional":true},"delete_auth_path":{"type":"bool","description_kind":"plain","optional":true},"name":{"type":"string","description_kind":"plain","required":true},"path":{"type":"string","description_kind":"plain","required":true}},"block_types":{"roles":{"nesting_mode":"list","block":{"attributes":{"name":{"type":"string","description_kind":"plain","required":true},"namespace":{"type":"string","description_kind":"plain","required":true},"policies":{"type":"string","description_kind":"plain","required":true},"service_account_name":{"type":"string","description_kind":"plain","required":true}},"description_kind":"plain"}}},"description_kind":"plain"},"max_items":1}},"description_kind":"plain"}},"nirmata_cluster_type_oke":{"version":0,"block":{"attributes":{"credentials":{"type":"string","description_kind":"plain","required":true},"id":{"type":"string","description_kind":"plain","optional":true,"computed":true},"name":{"type":"string","description_kind":"plain","required":true},"region":{"type":"string","description_kind":"plain","required":true},"version":{"type":"string","description_kind":"plain","required":true},"vm_shape":{"type":"string","description_kind":"plain","required":true}},"block_types":{"timeouts":{"nesting_mode":"single","block":{"attributes":{"create":{"type":"string","description_kind":"plain","optional":true}},"description_kind":"plain"}}},"description_kind":"plain"}},"nirmata_cluster_type_registered":{"version":0,"block":{"attributes":{"cloud":{"type":"string","description_kind":"plain","required":true},"enable_iam_authentication":{"type":"bool","description_kind":"plain","optional":true},"enable_iam_authorization":{"type":"bool","description_kind":"plain","optional":true},"id":{"type":"string","description_kind":"plain","optional":true,"computed":true},"labels":{"type":["map","string"],"description_kind":"plain","optional":true},"name":{"type":"string","description_kind":"plain","required":true},"system_metadata":{"type":["map","string"],"description_kind":"plain","optional":true}},"block_types":{"addons":{"nesting_mode":"list","block":{"attributes":{"addon_selector":{"type":"string","description_kind":"plain","required":true},"catalog":{"type":"string","description_kind":"plain","required":true},"channel":{"type":"string","description_kind":"plain","optional":true},"name":{"type":"string","description_kind":"plain","required":true},"namespace":{"type":"string","description_kind":"plain","optional":true},"sequence_number":{"type":"number","description_kind":"plain","required":true}},"description_kind":"plain"}},"cluster_roles":{"nesting_mode":"list","block":{"attributes":{"api_groups":{"type":["list","string"],"description_kind":"plain","optional":true},"resources":{"type":["list","string"],"description_kind":"plain","optional":true},"verbs":{"type":["list","string"],"description_kind":"plain","optional":true}},"description_kind":"plain"}},"vault_auth":{"nesting_mode":"list","block":{"attributes":{"addon_name":{"type":"string","description_kind":"plain","required":true},"credentials_id":{"type":"string","description_kind":"plain","optional":true},"credentials_name":{"type":"string","description_kind":"plain","optional":true},"delete_auth_path":{"type":"bool","description_kind":"plain","optional":true},"name":{"type":"string","description_kind":"plain","required":true},"path":{"type":"string","description_kind":"plain","required":true}},"block_types":{"roles":{"nesting_mode":"list","block":{"attributes":{"name":{"type":"string","description_kind":"plain","required":true},"namespace":{"type":"string","description_kind":"plain","required":true},"policies":{"type":"string","description_kind":"plain","required":true},"service_account_name":{"type":"string","description_kind":"plain","required":true}},"description_kind":"plain"}}},"description_kind":"plain"},"max_items":1}},"description_kind":"plain"}},"nirmata_environment":{"version":0,"block":{"attributes":{"cluster":{"type":"string","description_kind":"plain","required":true},"id":{"type":"string","description_kind":"plain","optional":true,"computed":true},"labels":{"type":["map","string"],"description_kind":"plain","optional":true},"name":{"type":"string","description_kind":"plain","required":true},"namespace":{"type":"string","description_kind":"plain","optional":true},"type":{"type":"string","description_kind":"plain","required":true}},"description_kind":"plain"}},"nirmata_environment_type":{"version":0,"block":{"attributes":{"id":{"type":"string","description_kind":"plain","optional":true,"computed":true},"is_default":{"type":"bool","description_kind":"plain","required":true},"labels":{"type":["map","string"],"description_kind":"plain","optional":true},"name":{"type":"string","description_kind":"plain","required":true},"resource_limits":{"type":["map","string"],"description_kind":"plain","required":true}},"description_kind":"plain"}},"nirmata_git_application":{"version":0,"block":{"attributes":{"catalog":{"type":"string","description_kind":"plain","required":true},"git_branch":{"type":"string","description_kind":"plain","required":true},"git_credentials":{"type":"string","description_kind":"plain","required":true},"git_directory_list":{"type":["list","string"],"description_kind":"plain","optional":true},"git_include_list":{"type":["list","string"],"description_kind":"plain","optional":true},"git_repository":{"type":"string","description_kind":"plain","required":true},"id":{"type":"string","description_kind":"plain","optional":true,"computed":true},"name":{"type":"string","description_kind":"plain","required":true},"namespace":{"type":"string","description_kind":"plain","optional":true},"release_name":{"type":"string","description_kind":"plain","computed":true},"version":{"type":"string","description_kind":"plain","computed":true}},"description_kind":"plain"}},"nirmata_helm_application":{"version":0,"block":{"attributes":{"app_version":{"type":"string","description_kind":"plain","optional":true},"application":{"type":"string","description_kind":"plain","optional":true},"catalog":{"type":"string","description_kind":"plain","optional":true},"chart_version":{"type":"string","description_kind":"plain","optional":true},"id":{"type":"string","description_kind":"plain","optional":true,"computed":true},"location":{"type":"string","description_kind":"plain","optional":true},"name":{"type":"string","description_kind":"plain","required":true},"repository":{"type":"string","description_kind":"plain","optional":true}},"description_kind":"plain"}},"nirmata_host_group_direct_connect":{"version":0,"block":{"attributes":{"curl_script":{"type":"string","description_kind":"plain","computed":true},"id":{"type":"string","description_kind":"plain","optional":true,"computed":true},"labels":{"type":["map","string"],"description_kind":"plain","optional":true},"name":{"type":"string","description_kind":"plain","required":true},"state":{"type":"string","description_kind":"plain","computed":true},"status":{"type":["list","string"],"description_kind":"plain","computed":true}},"description_kind":"plain"}},"nirmata_promote_version":{"version":0,"block":{"attributes":{"application":{"type":"string","description_kind":"plain","required":true},"catalog":{"type":"string","description_kind":"plain","required":true},"channel":{"type":"string","description_kind":"plain","required":true},"id":{"type":"string","description_kind":"plain","optional":true,"computed":true},"rollout_name":{"type":"string","description_kind":"plain","required":true},"version":{"type":"string","description_kind":"plain","required":true}},"description_kind":"plain"}},"nirmata_run_application":{"version":0,"block":{"attributes":{"application":{"type":"string","description_kind":"plain","required":true},"catalog":{"type":"string","description_kind":"plain","required":true},"channel":{"type":"string","description_kind":"plain","required":true},"clusters":{"type":["list","string"],"description_kind":"plain","optional":true},"environments":{"type":["list","string"],"description_kind":"plain","optional":true},"id":{"type":"string","description_kind":"plain","optional":true,"computed":true},"name":{"type":"string","description_kind":"plain","required":true},"version":{"type":"string","description_kind":"plain","required":true}},"description_kind":"plain"}}}}}}
