{"format_version":"0.2","provider_schemas":{"registry.terraform.io/nttcom/ecl":{"provider":{"version":0,"block":{"attributes":{"auth_url":{"type":"string","description":"The Identity authentication URL.","description_kind":"plain","optional":true},"cacert_file":{"type":"string","description":"A Custom CA certificate.","description_kind":"plain","optional":true},"cert":{"type":"string","description":"A client certificate to authenticate with.","description_kind":"plain","optional":true},"cloud":{"type":"string","description":"An entry in a `clouds.yaml` file to use.","description_kind":"plain","optional":true},"default_domain":{"type":"string","description":"The name of the Domain ID to scope to if no other domain is specified. Defaults to `default` (Identity v3).","description_kind":"plain","optional":true},"domain_id":{"type":"string","description":"The ID of the Domain to scope to (Identity v3).","description_kind":"plain","optional":true},"domain_name":{"type":"string","description":"The name of the Domain to scope to (Identity v3).","description_kind":"plain","optional":true},"endpoint_type":{"type":"string","description_kind":"plain","optional":true},"force_sss_endpoint":{"type":"string","description":"The SSS Endpoint URL to send API.","description_kind":"plain","optional":true},"insecure":{"type":"bool","description":"Trust self-signed certificates.","description_kind":"plain","optional":true},"key":{"type":"string","description":"A client private key to authenticate with.","description_kind":"plain","optional":true},"password":{"type":"string","description":"Password to login with.","description_kind":"plain","optional":true,"sensitive":true},"project_domain_id":{"type":"string","description":"The ID of the domain where the project resides (Identity v3).","description_kind":"plain","optional":true},"project_domain_name":{"type":"string","description":"The name of the domain where the project resides (Identity v3).","description_kind":"plain","optional":true},"region":{"type":"string","description":"The Enterprise Cloud region to connect to.","description_kind":"plain","optional":true},"tenant_id":{"type":"string","description":"The ID of the Tenant (Identity v2) or Project (Identity v3)\nto login with.","description_kind":"plain","optional":true},"tenant_name":{"type":"string","description":"The name of the Tenant (Identity v2) or Project (Identity v3)\nto login with.","description_kind":"plain","optional":true},"token":{"type":"string","description":"Authentication token to use as an alternative to username/password.","description_kind":"plain","optional":true},"user_domain_id":{"type":"string","description":"The ID of the domain where the user resides (Identity v3).","description_kind":"plain","optional":true},"user_domain_name":{"type":"string","description":"The name of the domain where the user resides (Identity v3).","description_kind":"plain","optional":true},"user_id":{"type":"string","description":"Username to login with.","description_kind":"plain","optional":true},"user_name":{"type":"string","description":"Username to login with.","description_kind":"plain","optional":true}},"description_kind":"plain"}},"resource_schemas":{"ecl_baremetal_keypair_v2":{"version":0,"block":{"attributes":{"fingerprint":{"type":"string","description_kind":"plain","computed":true},"id":{"type":"string","description_kind":"plain","optional":true,"computed":true},"name":{"type":"string","description_kind":"plain","required":true},"private_key":{"type":"string","description_kind":"plain","computed":true},"public_key":{"type":"string","description_kind":"plain","optional":true,"computed":true}},"description_kind":"plain"}},"ecl_baremetal_server_v2":{"version":0,"block":{"attributes":{"admin_pass":{"type":"string","description_kind":"plain","optional":true},"availability_zone":{"type":"string","description_kind":"plain","optional":true},"flavor_id":{"type":"string","description_kind":"plain","optional":true},"flavor_name":{"type":"string","description_kind":"plain","optional":true},"id":{"type":"string","description_kind":"plain","optional":true,"computed":true},"image_id":{"type":"string","description_kind":"plain","optional":true},"image_name":{"type":"string","description_kind":"plain","optional":true},"key_pair":{"type":"string","description_kind":"plain","optional":true},"metadata":{"type":["map","string"],"description_kind":"plain","optional":true},"name":{"type":"string","description_kind":"plain","required":true},"nic_physical_ports":{"type":["list",["object",{"attached_ports":["list",["object",{"fixed_ips":["list",["object",{"ip_address":"string","subnet_id":"string"}]],"network_id":"string","port_id":"string"}]],"hardware_id":"string","id":"string","mac_addr":"string","network_physical_port_id":"string","plane":"string"}]],"description_kind":"plain","computed":true},"user_data":{"type":"string","description_kind":"plain","optional":true}},"block_types":{"filesystems":{"nesting_mode":"list","block":{"attributes":{"fs_type":{"type":"string","description_kind":"plain","optional":true},"label":{"type":"string","description_kind":"plain","optional":true},"mount_point":{"type":"string","description_kind":"plain","optional":true}},"description_kind":"plain"}},"lvm_volume_groups":{"nesting_mode":"list","block":{"attributes":{"physical_volume_partition_labels":{"type":["list","string"],"description_kind":"plain","optional":true},"vg_label":{"type":"string","description_kind":"plain","optional":true}},"block_types":{"logical_volumes":{"nesting_mode":"list","block":{"attributes":{"lv_label":{"type":"string","description_kind":"plain","optional":true},"size":{"type":"string","description_kind":"plain","optional":true}},"description_kind":"plain"}}},"description_kind":"plain"}},"networks":{"nesting_mode":"list","block":{"attributes":{"fixed_ip":{"type":"string","description_kind":"plain","optional":true},"plane":{"type":"string","description_kind":"plain","optional":true},"port":{"type":"string","description_kind":"plain","optional":true},"uuid":{"type":"string","description_kind":"plain","optional":true}},"description_kind":"plain"}},"personality":{"nesting_mode":"list","block":{"attributes":{"contents":{"type":"string","description_kind":"plain","optional":true},"path":{"type":"string","description_kind":"plain","optional":true}},"description_kind":"plain"}},"raid_arrays":{"nesting_mode":"list","block":{"attributes":{"disk_hardware_ids":{"type":["list","string"],"description_kind":"plain","optional":true},"primary_storage":{"type":"bool","description_kind":"plain","optional":true},"raid_card_hardware_id":{"type":"string","description_kind":"plain","optional":true},"raid_level":{"type":"number","description_kind":"plain","optional":true}},"block_types":{"partitions":{"nesting_mode":"list","block":{"attributes":{"lvm":{"type":"bool","description_kind":"plain","optional":true},"partition_label":{"type":"string","description_kind":"plain","optional":true},"size":{"type":"string","description_kind":"plain","optional":true}},"description_kind":"plain"}}},"description_kind":"plain"}},"timeouts":{"nesting_mode":"single","block":{"attributes":{"create":{"type":"string","description_kind":"plain","optional":true},"delete":{"type":"string","description_kind":"plain","optional":true}},"description_kind":"plain"}}},"description_kind":"plain"}},"ecl_compute_instance_v2":{"version":0,"block":{"attributes":{"access_ip_v4":{"type":"string","description_kind":"plain","computed":true},"all_metadata":{"type":["map","string"],"description_kind":"plain","computed":true},"availability_zone":{"type":"string","description_kind":"plain","optional":true,"computed":true},"config_drive":{"type":"bool","description_kind":"plain","optional":true},"flavor_id":{"type":"string","description_kind":"plain","optional":true,"computed":true},"flavor_name":{"type":"string","description_kind":"plain","optional":true,"computed":true},"id":{"type":"string","description_kind":"plain","optional":true,"computed":true},"image_id":{"type":"string","description_kind":"plain","optional":true,"computed":true},"image_name":{"type":"string","description_kind":"plain","optional":true,"computed":true},"key_pair":{"type":"string","description_kind":"plain","optional":true},"metadata":{"type":["map","string"],"description_kind":"plain","optional":true},"name":{"type":"string","description_kind":"plain","required":true},"power_state":{"type":"string","description_kind":"plain","optional":true},"region":{"type":"string","description_kind":"plain","optional":true,"computed":true},"stop_before_destroy":{"type":"bool","description_kind":"plain","optional":true},"user_data":{"type":"string","description_kind":"plain","optional":true}},"block_types":{"block_device":{"nesting_mode":"list","block":{"attributes":{"boot_index":{"type":"number","description_kind":"plain","optional":true},"delete_on_termination":{"type":"bool","description_kind":"plain","optional":true},"destination_type":{"type":"string","description_kind":"plain","optional":true},"source_type":{"type":"string","description_kind":"plain","required":true},"uuid":{"type":"string","description_kind":"plain","optional":true},"volume_size":{"type":"number","description_kind":"plain","optional":true}},"description_kind":"plain"}},"network":{"nesting_mode":"list","block":{"attributes":{"access_network":{"type":"bool","description_kind":"plain","optional":true},"fixed_ip_v4":{"type":"string","description_kind":"plain","optional":true,"computed":true},"mac":{"type":"string","description_kind":"plain","computed":true},"name":{"type":"string","description_kind":"plain","optional":true,"computed":true},"port":{"type":"string","description_kind":"plain","optional":true,"computed":true},"uuid":{"type":"string","description_kind":"plain","optional":true,"computed":true}},"description_kind":"plain"}},"timeouts":{"nesting_mode":"single","block":{"attributes":{"create":{"type":"string","description_kind":"plain","optional":true},"delete":{"type":"string","description_kind":"plain","optional":true},"update":{"type":"string","description_kind":"plain","optional":true}},"description_kind":"plain"}},"volume":{"nesting_mode":"set","block":{"attributes":{"device":{"type":"string","description_kind":"plain","optional":true,"computed":true},"id":{"type":"string","description_kind":"plain","optional":true,"computed":true},"volume_id":{"type":"string","description_kind":"plain","required":true}},"description_kind":"plain"}}},"description_kind":"plain"}},"ecl_compute_keypair_v2":{"version":0,"block":{"attributes":{"fingerprint":{"type":"string","description_kind":"plain","computed":true},"id":{"type":"string","description_kind":"plain","optional":true,"computed":true},"name":{"type":"string","description_kind":"plain","required":true},"private_key":{"type":"string","description_kind":"plain","computed":true},"public_key":{"type":"string","description_kind":"plain","optional":true,"computed":true},"region":{"type":"string","description_kind":"plain","optional":true,"computed":true}},"description_kind":"plain"}},"ecl_compute_volume_attach_v2":{"version":0,"block":{"attributes":{"device":{"type":"string","description_kind":"plain","optional":true,"computed":true},"id":{"type":"string","description_kind":"plain","optional":true,"computed":true},"region":{"type":"string","description_kind":"plain","optional":true,"computed":true},"server_id":{"type":"string","description_kind":"plain","required":true},"volume_id":{"type":"string","description_kind":"plain","required":true}},"block_types":{"timeouts":{"nesting_mode":"single","block":{"attributes":{"create":{"type":"string","description_kind":"plain","optional":true},"delete":{"type":"string","description_kind":"plain","optional":true}},"description_kind":"plain"}}},"description_kind":"plain"}},"ecl_compute_volume_v2":{"version":0,"block":{"attributes":{"attachment":{"type":["set",["object",{"device":"string","id":"string","instance_id":"string"}]],"description_kind":"plain","computed":true},"availability_zone":{"type":"string","description_kind":"plain","optional":true,"computed":true},"description":{"type":"string","description_kind":"plain","optional":true},"id":{"type":"string","description_kind":"plain","optional":true,"computed":true},"image_id":{"type":"string","description_kind":"plain","optional":true},"image_name":{"type":"string","description_kind":"plain","optional":true},"metadata":{"type":["map","string"],"description_kind":"plain","optional":true,"computed":true},"name":{"type":"string","description_kind":"plain","optional":true},"region":{"type":"string","description_kind":"plain","optional":true,"computed":true},"size":{"type":"number","description_kind":"plain","required":true},"source_replica":{"type":"string","description_kind":"plain","optional":true},"volume_type":{"type":"string","description_kind":"plain","optional":true,"computed":true}},"block_types":{"timeouts":{"nesting_mode":"single","block":{"attributes":{"create":{"type":"string","description_kind":"plain","optional":true},"delete":{"type":"string","description_kind":"plain","optional":true}},"description_kind":"plain"}}},"description_kind":"plain"}},"ecl_dedicated_hypervisor_license_v1":{"version":0,"block":{"attributes":{"assigned_from":{"type":"string","description_kind":"plain","computed":true},"expires_at":{"type":"string","description_kind":"plain","computed":true},"id":{"type":"string","description_kind":"plain","optional":true,"computed":true},"key":{"type":"string","description_kind":"plain","computed":true},"license_type":{"type":"string","description_kind":"plain","required":true}},"description_kind":"plain"}},"ecl_dedicated_hypervisor_server_v1":{"version":0,"block":{"attributes":{"admin_pass":{"type":"string","description_kind":"plain","optional":true,"computed":true},"availability_zone":{"type":"string","description_kind":"plain","optional":true,"computed":true},"baremetal_server_id":{"type":"string","description_kind":"plain","computed":true},"description":{"type":"string","description_kind":"plain","optional":true},"flavor_ref":{"type":"string","description_kind":"plain","required":true},"id":{"type":"string","description_kind":"plain","optional":true,"computed":true},"image_ref":{"type":"string","description_kind":"plain","required":true},"metadata":{"type":["map","string"],"description_kind":"plain","optional":true},"name":{"type":"string","description_kind":"plain","required":true}},"block_types":{"networks":{"nesting_mode":"list","block":{"attributes":{"fixed_ip":{"type":"string","description_kind":"plain","optional":true},"plane":{"type":"string","description_kind":"plain","required":true},"port":{"type":"string","description_kind":"plain","optional":true},"segmentation_id":{"type":"number","description_kind":"plain","required":true},"uuid":{"type":"string","description_kind":"plain","optional":true}},"description_kind":"plain"},"min_items":1,"max_items":4},"timeouts":{"nesting_mode":"single","block":{"attributes":{"create":{"type":"string","description_kind":"plain","optional":true},"delete":{"type":"string","description_kind":"plain","optional":true}},"description_kind":"plain"}}},"description_kind":"plain"}},"ecl_dns_recordset_v2":{"version":0,"block":{"attributes":{"description":{"type":"string","description_kind":"plain","optional":true},"id":{"type":"string","description_kind":"plain","optional":true,"computed":true},"name":{"type":"string","description_kind":"plain","required":true},"record":{"type":"string","description_kind":"plain","required":true},"ttl":{"type":"number","description_kind":"plain","required":true},"type":{"type":"string","description_kind":"plain","required":true},"zone_id":{"type":"string","description_kind":"plain","required":true}},"block_types":{"timeouts":{"nesting_mode":"single","block":{"attributes":{"create":{"type":"string","description_kind":"plain","optional":true},"delete":{"type":"string","description_kind":"plain","optional":true},"update":{"type":"string","description_kind":"plain","optional":true}},"description_kind":"plain"}}},"description_kind":"plain"}},"ecl_dns_zone_v2":{"version":0,"block":{"attributes":{"description":{"type":"string","description_kind":"plain","optional":true},"email":{"type":"string","description_kind":"plain","optional":true,"computed":true},"id":{"type":"string","description_kind":"plain","optional":true,"computed":true},"masters":{"type":["set","string"],"description_kind":"plain","optional":true,"computed":true},"name":{"type":"string","description_kind":"plain","required":true},"ttl":{"type":"number","description_kind":"plain","optional":true,"computed":true},"type":{"type":"string","description_kind":"plain","optional":true,"computed":true}},"block_types":{"timeouts":{"nesting_mode":"single","block":{"attributes":{"create":{"type":"string","description_kind":"plain","optional":true},"delete":{"type":"string","description_kind":"plain","optional":true},"update":{"type":"string","description_kind":"plain","optional":true}},"description_kind":"plain"}}},"description_kind":"plain"}},"ecl_imagestorages_image_v2":{"version":0,"block":{"attributes":{"checksum":{"type":"string","description_kind":"plain","computed":true},"container_format":{"type":"string","description_kind":"plain","required":true},"created_at":{"type":"string","description_kind":"plain","computed":true},"disk_format":{"type":"string","description_kind":"plain","required":true},"file":{"type":"string","description_kind":"plain","computed":true},"id":{"type":"string","description_kind":"plain","optional":true,"computed":true},"license_switch":{"type":"string","description_kind":"plain","optional":true},"local_file_path":{"type":"string","description_kind":"plain","required":true},"metadata":{"type":["map","string"],"description_kind":"plain","computed":true},"min_disk_gb":{"type":"number","description_kind":"plain","optional":true},"min_ram_mb":{"type":"number","description_kind":"plain","optional":true},"name":{"type":"string","description_kind":"plain","optional":true},"owner":{"type":"string","description_kind":"plain","computed":true},"properties":{"type":["map","string"],"description_kind":"plain","optional":true,"computed":true},"protected":{"type":"bool","description_kind":"plain","optional":true},"region":{"type":"string","description_kind":"plain","optional":true,"computed":true},"schema":{"type":"string","description_kind":"plain","computed":true},"size_bytes":{"type":"number","description_kind":"plain","computed":true},"status":{"type":"string","description_kind":"plain","computed":true},"tags":{"type":["set","string"],"description_kind":"plain","optional":true},"update_at":{"type":"string","description_kind":"plain","computed":true},"verify_checksum":{"type":"bool","description_kind":"plain","optional":true},"visibility":{"type":"string","description_kind":"plain","optional":true}},"block_types":{"timeouts":{"nesting_mode":"single","block":{"attributes":{"create":{"type":"string","description_kind":"plain","optional":true}},"description_kind":"plain"}}},"description_kind":"plain"}},"ecl_imagestorages_member_accepter_v2":{"version":0,"block":{"attributes":{"id":{"type":"string","description_kind":"plain","optional":true,"computed":true},"image_member_id":{"type":"string","description_kind":"plain","required":true},"region":{"type":"string","description_kind":"plain","optional":true,"computed":true},"status":{"type":"string","description_kind":"plain","required":true}},"block_types":{"timeouts":{"nesting_mode":"single","block":{"attributes":{"create":{"type":"string","description_kind":"plain","optional":true}},"description_kind":"plain"}}},"description_kind":"plain"}},"ecl_imagestorages_member_v2":{"version":0,"block":{"attributes":{"created_at":{"type":"string","description_kind":"plain","computed":true},"id":{"type":"string","description_kind":"plain","optional":true,"computed":true},"image_id":{"type":"string","description_kind":"plain","required":true},"member_id":{"type":"string","description_kind":"plain","required":true},"region":{"type":"string","description_kind":"plain","optional":true,"computed":true},"schema":{"type":"string","description_kind":"plain","computed":true},"status":{"type":"string","description_kind":"plain","computed":true},"updated_at":{"type":"string","description_kind":"plain","computed":true}},"block_types":{"timeouts":{"nesting_mode":"single","block":{"attributes":{"create":{"type":"string","description_kind":"plain","optional":true}},"description_kind":"plain"}}},"description_kind":"plain"}},"ecl_network_common_function_gateway_v2":{"version":0,"block":{"attributes":{"common_function_pool_id":{"type":"string","description_kind":"plain","required":true},"description":{"type":"string","description_kind":"plain","optional":true},"id":{"type":"string","description_kind":"plain","optional":true,"computed":true},"name":{"type":"string","description_kind":"plain","optional":true},"network_id":{"type":"string","description_kind":"plain","computed":true},"subnet_id":{"type":"string","description_kind":"plain","computed":true},"tenant_id":{"type":"string","description_kind":"plain","optional":true,"computed":true}},"block_types":{"timeouts":{"nesting_mode":"single","block":{"attributes":{"create":{"type":"string","description_kind":"plain","optional":true},"delete":{"type":"string","description_kind":"plain","optional":true},"update":{"type":"string","description_kind":"plain","optional":true}},"description_kind":"plain"}}},"description_kind":"plain"}},"ecl_network_gateway_interface_v2":{"version":0,"block":{"attributes":{"aws_gw_id":{"type":"string","description_kind":"plain","optional":true},"azure_gw_id":{"type":"string","description_kind":"plain","optional":true},"description":{"type":"string","description_kind":"plain","optional":true},"fic_gw_id":{"type":"string","description_kind":"plain","optional":true},"gcp_gw_id":{"type":"string","description_kind":"plain","optional":true},"gw_vipv4":{"type":"string","description_kind":"plain","required":true},"gw_vipv6":{"type":"string","description_kind":"plain","computed":true},"id":{"type":"string","description_kind":"plain","optional":true,"computed":true},"interdc_gw_id":{"type":"string","description_kind":"plain","optional":true},"internet_gw_id":{"type":"string","description_kind":"plain","optional":true},"name":{"type":"string","description_kind":"plain","optional":true},"netmask":{"type":"number","description_kind":"plain","required":true},"network_id":{"type":"string","description_kind":"plain","required":true},"primary_ipv4":{"type":"string","description_kind":"plain","required":true},"primary_ipv6":{"type":"string","description_kind":"plain","computed":true},"region":{"type":"string","description_kind":"plain","optional":true,"computed":true},"secondary_ipv4":{"type":"string","description_kind":"plain","required":true},"secondary_ipv6":{"type":"string","description_kind":"plain","computed":true},"service_type":{"type":"string","description_kind":"plain","required":true},"tenant_id":{"type":"string","description_kind":"plain","optional":true,"computed":true},"vpn_gw_id":{"type":"string","description_kind":"plain","optional":true},"vrid":{"type":"number","description_kind":"plain","required":true}},"block_types":{"timeouts":{"nesting_mode":"single","block":{"attributes":{"create":{"type":"string","description_kind":"plain","optional":true},"delete":{"type":"string","description_kind":"plain","optional":true},"update":{"type":"string","description_kind":"plain","optional":true}},"description_kind":"plain"}}},"description_kind":"plain"}},"ecl_network_internet_gateway_v2":{"version":0,"block":{"attributes":{"description":{"type":"string","description_kind":"plain","optional":true},"id":{"type":"string","description_kind":"plain","optional":true,"computed":true},"internet_service_id":{"type":"string","description_kind":"plain","required":true},"name":{"type":"string","description_kind":"plain","optional":true},"qos_option_id":{"type":"string","description_kind":"plain","required":true},"region":{"type":"string","description_kind":"plain","optional":true,"computed":true},"tenant_id":{"type":"string","description_kind":"plain","optional":true,"computed":true}},"block_types":{"timeouts":{"nesting_mode":"single","block":{"attributes":{"create":{"type":"string","description_kind":"plain","optional":true},"delete":{"type":"string","description_kind":"plain","optional":true},"update":{"type":"string","description_kind":"plain","optional":true}},"description_kind":"plain"}}},"description_kind":"plain"}},"ecl_network_load_balancer_v2":{"version":0,"block":{"attributes":{"admin_password":{"type":"string","description_kind":"plain","computed":true,"sensitive":true},"admin_username":{"type":"string","description_kind":"plain","computed":true},"availability_zone":{"type":"string","description_kind":"plain","optional":true},"default_gateway":{"type":"string","description_kind":"plain","optional":true},"description":{"type":"string","description_kind":"plain","optional":true},"id":{"type":"string","description_kind":"plain","optional":true,"computed":true},"load_balancer_plan_id":{"type":"string","description_kind":"plain","required":true},"name":{"type":"string","description_kind":"plain","optional":true},"status":{"type":"string","description_kind":"plain","computed":true},"tenant_id":{"type":"string","description_kind":"plain","optional":true,"computed":true},"user_password":{"type":"string","description_kind":"plain","computed":true,"sensitive":true},"user_username":{"type":"string","description_kind":"plain","computed":true}},"block_types":{"interfaces":{"nesting_mode":"list","block":{"attributes":{"description":{"type":"string","description_kind":"plain","optional":true},"id":{"type":"string","description_kind":"plain","computed":true},"ip_address":{"type":"string","description_kind":"plain","optional":true},"name":{"type":"string","description_kind":"plain","optional":true,"computed":true},"network_id":{"type":"string","description_kind":"plain","optional":true},"slot_number":{"type":"number","description_kind":"plain","required":true},"status":{"type":"string","description_kind":"plain","computed":true},"virtual_ip_address":{"type":"string","description_kind":"plain","optional":true}},"block_types":{"virtual_ip_properties":{"nesting_mode":"list","block":{"attributes":{"protocol":{"type":"string","description_kind":"plain","required":true},"vrid":{"type":"number","description_kind":"plain","required":true}},"description_kind":"plain"},"max_items":1}},"description_kind":"plain"}},"syslog_servers":{"nesting_mode":"set","block":{"attributes":{"acl_logging":{"type":"string","description_kind":"plain","optional":true,"computed":true},"appflow_logging":{"type":"string","description_kind":"plain","optional":true,"computed":true},"date_format":{"type":"string","description_kind":"plain","optional":true,"computed":true},"description":{"type":"string","description_kind":"plain","optional":true},"id":{"type":"string","description_kind":"plain","computed":true},"ip_address":{"type":"string","description_kind":"plain","required":true},"log_facility":{"type":"string","description_kind":"plain","optional":true,"computed":true},"log_level":{"type":"string","description_kind":"plain","optional":true,"computed":true},"name":{"type":"string","description_kind":"plain","required":true},"port_number":{"type":"number","description_kind":"plain","optional":true,"computed":true},"priority":{"type":"number","description_kind":"plain","optional":true},"status":{"type":"string","description_kind":"plain","computed":true},"tcp_logging":{"type":"string","description_kind":"plain","optional":true,"computed":true},"tenant_id":{"type":"string","description_kind":"plain","optional":true,"computed":true},"time_zone":{"type":"string","description_kind":"plain","optional":true,"computed":true},"transport_type":{"type":"string","description_kind":"plain","optional":true,"computed":true},"user_configurable_log_messages":{"type":"string","description_kind":"plain","optional":true,"computed":true}},"description_kind":"plain"}},"timeouts":{"nesting_mode":"single","block":{"attributes":{"create":{"type":"string","description_kind":"plain","optional":true},"delete":{"type":"string","description_kind":"plain","optional":true},"update":{"type":"string","description_kind":"plain","optional":true}},"description_kind":"plain"}}},"description_kind":"plain"}},"ecl_network_network_v2":{"version":0,"block":{"attributes":{"admin_state_up":{"type":"bool","description_kind":"plain","optional":true,"computed":true},"description":{"type":"string","description_kind":"plain","optional":true},"id":{"type":"string","description_kind":"plain","optional":true,"computed":true},"name":{"type":"string","description_kind":"plain","optional":true},"plane":{"type":"string","description_kind":"plain","optional":true},"region":{"type":"string","description_kind":"plain","optional":true,"computed":true},"shared":{"type":"bool","description_kind":"plain","computed":true},"status":{"type":"string","description_kind":"plain","computed":true},"subnets":{"type":["list","string"],"description_kind":"plain","computed":true},"tags":{"type":["map","string"],"description_kind":"plain","optional":true},"tenant_id":{"type":"string","description_kind":"plain","optional":true,"computed":true}},"block_types":{"timeouts":{"nesting_mode":"single","block":{"attributes":{"create":{"type":"string","description_kind":"plain","optional":true},"delete":{"type":"string","description_kind":"plain","optional":true}},"description_kind":"plain"}}},"description_kind":"plain"}},"ecl_network_port_v2":{"version":0,"block":{"attributes":{"admin_state_up":{"type":"bool","description_kind":"plain","optional":true,"computed":true},"all_fixed_ips":{"type":["list","string"],"description_kind":"plain","computed":true},"description":{"type":"string","description_kind":"plain","optional":true},"device_id":{"type":"string","description_kind":"plain","optional":true,"computed":true},"device_owner":{"type":"string","description_kind":"plain","optional":true,"computed":true},"id":{"type":"string","description_kind":"plain","optional":true,"computed":true},"mac_address":{"type":"string","description_kind":"plain","optional":true,"computed":true},"managed_by_service":{"type":"bool","description_kind":"plain","computed":true},"name":{"type":"string","description_kind":"plain","optional":true},"network_id":{"type":"string","description_kind":"plain","required":true},"no_fixed_ip":{"type":"bool","description_kind":"plain","optional":true},"region":{"type":"string","description_kind":"plain","optional":true,"computed":true},"segmentation_id":{"type":"number","description_kind":"plain","optional":true,"computed":true},"segmentation_type":{"type":"string","description_kind":"plain","optional":true,"computed":true},"status":{"type":"string","description_kind":"plain","computed":true},"tags":{"type":["map","string"],"description_kind":"plain","optional":true},"tenant_id":{"type":"string","description_kind":"plain","optional":true,"computed":true}},"block_types":{"allowed_address_pairs":{"nesting_mode":"set","block":{"attributes":{"ip_address":{"type":"string","description_kind":"plain","required":true},"mac_address":{"type":"string","description_kind":"plain","optional":true}},"description_kind":"plain"}},"fixed_ip":{"nesting_mode":"list","block":{"attributes":{"ip_address":{"type":"string","description_kind":"plain","optional":true},"subnet_id":{"type":"string","description_kind":"plain","required":true}},"description_kind":"plain"}},"timeouts":{"nesting_mode":"single","block":{"attributes":{"create":{"type":"string","description_kind":"plain","optional":true},"delete":{"type":"string","description_kind":"plain","optional":true}},"description_kind":"plain"}}},"description_kind":"plain"}},"ecl_network_public_ip_v2":{"version":0,"block":{"attributes":{"cidr":{"type":"string","description_kind":"plain","computed":true},"description":{"type":"string","description_kind":"plain","optional":true},"id":{"type":"string","description_kind":"plain","optional":true,"computed":true},"internet_gw_id":{"type":"string","description_kind":"plain","required":true},"name":{"type":"string","description_kind":"plain","optional":true},"region":{"type":"string","description_kind":"plain","optional":true,"computed":true},"submask_length":{"type":"number","description_kind":"plain","required":true},"tenant_id":{"type":"string","description_kind":"plain","optional":true,"computed":true}},"block_types":{"timeouts":{"nesting_mode":"single","block":{"attributes":{"create":{"type":"string","description_kind":"plain","optional":true},"delete":{"type":"string","description_kind":"plain","optional":true},"update":{"type":"string","description_kind":"plain","optional":true}},"description_kind":"plain"}}},"description_kind":"plain"}},"ecl_network_static_route_v2":{"version":0,"block":{"attributes":{"aws_gw_id":{"type":"string","description_kind":"plain","optional":true},"azure_gw_id":{"type":"string","description_kind":"plain","optional":true},"description":{"type":"string","description_kind":"plain","optional":true},"destination":{"type":"string","description_kind":"plain","required":true},"fic_gw_id":{"type":"string","description_kind":"plain","optional":true},"gcp_gw_id":{"type":"string","description_kind":"plain","optional":true},"id":{"type":"string","description_kind":"plain","optional":true,"computed":true},"interdc_gw_id":{"type":"string","description_kind":"plain","optional":true},"internet_gw_id":{"type":"string","description_kind":"plain","optional":true},"name":{"type":"string","description_kind":"plain","optional":true},"nexthop":{"type":"string","description_kind":"plain","required":true},"region":{"type":"string","description_kind":"plain","optional":true,"computed":true},"service_type":{"type":"string","description_kind":"plain","required":true},"tenant_id":{"type":"string","description_kind":"plain","optional":true,"computed":true},"vpn_gw_id":{"type":"string","description_kind":"plain","optional":true}},"block_types":{"timeouts":{"nesting_mode":"single","block":{"attributes":{"create":{"type":"string","description_kind":"plain","optional":true},"delete":{"type":"string","description_kind":"plain","optional":true},"update":{"type":"string","description_kind":"plain","optional":true}},"description_kind":"plain"}}},"description_kind":"plain"}},"ecl_network_subnet_v2":{"version":0,"block":{"attributes":{"cidr":{"type":"string","description_kind":"plain","required":true},"description":{"type":"string","description_kind":"plain","optional":true},"dns_nameservers":{"type":["list","string"],"description_kind":"plain","optional":true,"computed":true},"enable_dhcp":{"type":"bool","description_kind":"plain","optional":true,"computed":true},"gateway_ip":{"type":"string","description_kind":"plain","optional":true,"computed":true},"id":{"type":"string","description_kind":"plain","optional":true,"computed":true},"ip_version":{"type":"number","description_kind":"plain","optional":true},"ipv6_address_mode":{"type":"string","description_kind":"plain","computed":true},"ipv6_ra_mode":{"type":"string","description_kind":"plain","computed":true},"name":{"type":"string","description_kind":"plain","optional":true},"network_id":{"type":"string","description_kind":"plain","required":true},"no_gateway":{"type":"bool","description_kind":"plain","optional":true},"ntp_servers":{"type":["list","string"],"description_kind":"plain","optional":true},"region":{"type":"string","description_kind":"plain","optional":true,"computed":true},"status":{"type":"string","description_kind":"plain","computed":true},"tags":{"type":["map","string"],"description_kind":"plain","optional":true},"tenant_id":{"type":"string","description_kind":"plain","optional":true,"computed":true}},"block_types":{"allocation_pools":{"nesting_mode":"list","block":{"attributes":{"end":{"type":"string","description_kind":"plain","required":true},"start":{"type":"string","description_kind":"plain","required":true}},"description_kind":"plain"}},"host_routes":{"nesting_mode":"list","block":{"attributes":{"destination_cidr":{"type":"string","description_kind":"plain","required":true},"next_hop":{"type":"string","description_kind":"plain","required":true}},"description_kind":"plain"}},"timeouts":{"nesting_mode":"single","block":{"attributes":{"create":{"type":"string","description_kind":"plain","optional":true},"delete":{"type":"string","description_kind":"plain","optional":true}},"description_kind":"plain"}}},"description_kind":"plain"}},"ecl_provider_connectivity_tenant_connection_request_v2":{"version":0,"block":{"attributes":{"approval_request_id":{"type":"string","description_kind":"plain","computed":true},"description":{"type":"string","description_kind":"plain","optional":true},"id":{"type":"string","description_kind":"plain","optional":true,"computed":true},"name":{"type":"string","description_kind":"plain","optional":true,"computed":true},"network_id":{"type":"string","description_kind":"plain","required":true},"status":{"type":"string","description_kind":"plain","computed":true},"tags":{"type":["map","string"],"description_kind":"plain","optional":true},"tenant_id":{"type":"string","description_kind":"plain","computed":true},"tenant_id_other":{"type":"string","description_kind":"plain","required":true}},"description_kind":"plain"}},"ecl_provider_connectivity_tenant_connection_v2":{"version":0,"block":{"attributes":{"description":{"type":"string","description_kind":"plain","optional":true},"device_id":{"type":"string","description_kind":"plain","required":true},"device_interface_id":{"type":"string","description_kind":"plain","optional":true},"device_type":{"type":"string","description_kind":"plain","required":true},"id":{"type":"string","description_kind":"plain","optional":true,"computed":true},"name":{"type":"string","description_kind":"plain","optional":true},"network_id":{"type":"string","description_kind":"plain","computed":true},"port_id":{"type":"string","description_kind":"plain","computed":true},"status":{"type":"string","description_kind":"plain","computed":true},"tags":{"type":["map","string"],"description_kind":"plain","optional":true},"tenant_connection_request_id":{"type":"string","description_kind":"plain","required":true},"tenant_id":{"type":"string","description_kind":"plain","computed":true},"tenant_id_other":{"type":"string","description_kind":"plain","computed":true}},"block_types":{"attachment_opts_baremetal":{"nesting_mode":"list","block":{"attributes":{"segmentation_id":{"type":"number","description_kind":"plain","optional":true},"segmentation_type":{"type":"string","description_kind":"plain","optional":true}},"block_types":{"allowed_address_pairs":{"nesting_mode":"list","block":{"attributes":{"ip_address":{"type":"string","description_kind":"plain","optional":true},"mac_address":{"type":"string","description_kind":"plain","optional":true}},"description_kind":"plain"}},"fixed_ips":{"nesting_mode":"list","block":{"attributes":{"ip_address":{"type":"string","description_kind":"plain","optional":true},"subnet_id":{"type":"string","description_kind":"plain","optional":true}},"description_kind":"plain"}}},"description_kind":"plain"},"max_items":1},"attachment_opts_compute":{"nesting_mode":"list","block":{"block_types":{"allowed_address_pairs":{"nesting_mode":"list","block":{"attributes":{"ip_address":{"type":"string","description_kind":"plain","optional":true},"mac_address":{"type":"string","description_kind":"plain","optional":true}},"description_kind":"plain"}},"fixed_ips":{"nesting_mode":"list","block":{"attributes":{"ip_address":{"type":"string","description_kind":"plain","optional":true},"subnet_id":{"type":"string","description_kind":"plain","optional":true}},"description_kind":"plain"}}},"description_kind":"plain"},"max_items":1},"attachment_opts_vna":{"nesting_mode":"list","block":{"block_types":{"fixed_ips":{"nesting_mode":"list","block":{"attributes":{"ip_address":{"type":"string","description_kind":"plain","optional":true}},"description_kind":"plain"}}},"description_kind":"plain"},"max_items":1}},"description_kind":"plain"}},"ecl_rca_user_v1":{"version":0,"block":{"attributes":{"id":{"type":"string","description_kind":"plain","optional":true,"computed":true},"name":{"type":"string","description_kind":"plain","computed":true},"password":{"type":"string","description_kind":"plain","required":true},"vpn_endpoints":{"type":["list",["object",{"endpoint":"string","type":"string"}]],"description_kind":"plain","computed":true}},"description_kind":"plain"}},"ecl_security_host_based_v2":{"version":0,"block":{"attributes":{"dsm_lang":{"type":"string","description_kind":"plain","required":true},"id":{"type":"string","description_kind":"plain","optional":true,"computed":true},"locale":{"type":"string","description_kind":"plain","optional":true},"mail_address":{"type":"string","description_kind":"plain","required":true},"max_agent_value":{"type":"number","description_kind":"plain","required":true},"service_order_service":{"type":"string","description_kind":"plain","required":true},"tenant_id":{"type":"string","description_kind":"plain","required":true},"time_zone":{"type":"string","description_kind":"plain","required":true}},"block_types":{"timeouts":{"nesting_mode":"single","block":{"attributes":{"create":{"type":"string","description_kind":"plain","optional":true},"delete":{"type":"string","description_kind":"plain","optional":true},"update":{"type":"string","description_kind":"plain","optional":true}},"description_kind":"plain"}}},"description_kind":"plain"}},"ecl_security_network_based_device_ha_v2":{"version":0,"block":{"attributes":{"host_1_az_group":{"type":"string","description_kind":"plain","required":true},"host_2_az_group":{"type":"string","description_kind":"plain","required":true},"id":{"type":"string","description_kind":"plain","optional":true,"computed":true},"license_kind":{"type":"string","description_kind":"plain","required":true},"locale":{"type":"string","description_kind":"plain","optional":true},"operating_mode":{"type":"string","description_kind":"plain","required":true},"tenant_id":{"type":"string","description_kind":"plain","required":true}},"block_types":{"ha_link_1":{"nesting_mode":"list","block":{"attributes":{"host_1_ip_address":{"type":"string","description_kind":"plain","required":true},"host_2_ip_address":{"type":"string","description_kind":"plain","required":true},"network_id":{"type":"string","description_kind":"plain","required":true},"subnet_id":{"type":"string","description_kind":"plain","required":true}},"description_kind":"plain"},"min_items":1,"max_items":1},"ha_link_2":{"nesting_mode":"list","block":{"attributes":{"host_1_ip_address":{"type":"string","description_kind":"plain","required":true},"host_2_ip_address":{"type":"string","description_kind":"plain","required":true},"network_id":{"type":"string","description_kind":"plain","required":true},"subnet_id":{"type":"string","description_kind":"plain","required":true}},"description_kind":"plain"},"min_items":1,"max_items":1},"port":{"nesting_mode":"list","block":{"attributes":{"comment":{"type":"string","description_kind":"plain","optional":true},"enable":{"type":"string","description_kind":"plain","required":true},"enable_ping":{"type":"string","description_kind":"plain","optional":true},"host_1_ip_address":{"type":"string","description_kind":"plain","optional":true,"computed":true},"host_1_ip_address_prefix":{"type":"number","description_kind":"plain","optional":true},"host_2_ip_address":{"type":"string","description_kind":"plain","optional":true,"computed":true},"host_2_ip_address_prefix":{"type":"number","description_kind":"plain","optional":true},"mtu":{"type":"string","description_kind":"plain","optional":true},"network_id":{"type":"string","description_kind":"plain","optional":true,"computed":true},"preempt":{"type":"string","description_kind":"plain","optional":true},"subnet_id":{"type":"string","description_kind":"plain","optional":true,"computed":true},"vrrp_grp_id":{"type":"string","description_kind":"plain","optional":true},"vrrp_id":{"type":"string","description_kind":"plain","optional":true},"vrrp_ip_address":{"type":"string","description_kind":"plain","optional":true,"computed":true}},"description_kind":"plain"},"max_items":7},"timeouts":{"nesting_mode":"single","block":{"attributes":{"create":{"type":"string","description_kind":"plain","optional":true},"delete":{"type":"string","description_kind":"plain","optional":true},"update":{"type":"string","description_kind":"plain","optional":true}},"description_kind":"plain"}}},"description_kind":"plain"}},"ecl_security_network_based_device_single_v2":{"version":0,"block":{"attributes":{"az_group":{"type":"string","description_kind":"plain","required":true},"id":{"type":"string","description_kind":"plain","optional":true,"computed":true},"license_kind":{"type":"string","description_kind":"plain","required":true},"locale":{"type":"string","description_kind":"plain","optional":true},"operating_mode":{"type":"string","description_kind":"plain","required":true},"tenant_id":{"type":"string","description_kind":"plain","required":true}},"block_types":{"port":{"nesting_mode":"list","block":{"attributes":{"comment":{"type":"string","description_kind":"plain","optional":true},"enable":{"type":"string","description_kind":"plain","required":true},"ip_address":{"type":"string","description_kind":"plain","optional":true,"computed":true},"ip_address_prefix":{"type":"number","description_kind":"plain","optional":true},"mtu":{"type":"string","description_kind":"plain","optional":true},"network_id":{"type":"string","description_kind":"plain","optional":true,"computed":true},"subnet_id":{"type":"string","description_kind":"plain","optional":true,"computed":true}},"description_kind":"plain"},"max_items":7},"timeouts":{"nesting_mode":"single","block":{"attributes":{"create":{"type":"string","description_kind":"plain","optional":true},"delete":{"type":"string","description_kind":"plain","optional":true},"update":{"type":"string","description_kind":"plain","optional":true}},"description_kind":"plain"}}},"description_kind":"plain"}},"ecl_security_network_based_waf_single_v2":{"version":0,"block":{"attributes":{"az_group":{"type":"string","description_kind":"plain","required":true},"id":{"type":"string","description_kind":"plain","optional":true,"computed":true},"license_kind":{"type":"string","description_kind":"plain","required":true},"locale":{"type":"string","description_kind":"plain","optional":true},"operating_mode":{"type":"string","description_kind":"plain","optional":true},"tenant_id":{"type":"string","description_kind":"plain","required":true}},"block_types":{"port":{"nesting_mode":"list","block":{"attributes":{"comment":{"type":"string","description_kind":"plain","optional":true},"enable":{"type":"string","description_kind":"plain","required":true},"ip_address":{"type":"string","description_kind":"plain","optional":true,"computed":true},"ip_address_prefix":{"type":"number","description_kind":"plain","optional":true},"mtu":{"type":"string","description_kind":"plain","optional":true},"network_id":{"type":"string","description_kind":"plain","optional":true,"computed":true},"subnet_id":{"type":"string","description_kind":"plain","optional":true,"computed":true}},"description_kind":"plain"},"max_items":1},"timeouts":{"nesting_mode":"single","block":{"attributes":{"create":{"type":"string","description_kind":"plain","optional":true},"delete":{"type":"string","description_kind":"plain","optional":true},"update":{"type":"string","description_kind":"plain","optional":true}},"description_kind":"plain"}}},"description_kind":"plain"}},"ecl_sss_approval_request_v1":{"version":0,"block":{"attributes":{"actions":{"type":["list",["object",{"api_path":"string","body":"string","method":"string","region":"string","service":"string"}]],"description_kind":"plain","computed":true},"approval_deadline":{"type":"string","description_kind":"plain","computed":true},"approval_expire":{"type":"string","description_kind":"plain","computed":true},"approver":{"type":"bool","description_kind":"plain","computed":true},"approver_id":{"type":"string","description_kind":"plain","computed":true},"approver_type":{"type":"string","description_kind":"plain","computed":true},"descriptions":{"type":["list",["object",{"lang":"string","text":"string"}]],"description_kind":"plain","computed":true},"external_request_id":{"type":"string","description_kind":"plain","computed":true},"id":{"type":"string","description_kind":"plain","optional":true,"computed":true},"registered_time":{"type":"string","description_kind":"plain","computed":true},"request_id":{"type":"string","description_kind":"plain","required":true},"request_user":{"type":"bool","description_kind":"plain","computed":true},"request_user_id":{"type":"string","description_kind":"plain","computed":true},"service":{"type":"string","description_kind":"plain","computed":true},"status":{"type":"string","description_kind":"plain","required":true},"updated_time":{"type":"string","description_kind":"plain","computed":true}},"description_kind":"plain"}},"ecl_sss_tenant_v1":{"version":0,"block":{"attributes":{"contract_id":{"type":"string","description_kind":"plain","optional":true,"computed":true},"description":{"type":"string","description_kind":"plain","required":true},"id":{"type":"string","description_kind":"plain","optional":true,"computed":true},"start_time":{"type":"string","description_kind":"plain","computed":true},"tenant_id":{"type":"string","description_kind":"plain","computed":true},"tenant_name":{"type":"string","description_kind":"plain","required":true},"tenant_region":{"type":"string","description_kind":"plain","required":true}},"description_kind":"plain"}},"ecl_sss_user_v1":{"version":0,"block":{"attributes":{"brand_id":{"type":"string","description_kind":"plain","computed":true},"contract_id":{"type":"string","description_kind":"plain","computed":true},"contract_owner":{"type":"bool","description_kind":"plain","computed":true},"external_reference_id":{"type":"string","description_kind":"plain","computed":true},"id":{"type":"string","description_kind":"plain","optional":true,"computed":true},"keystone_endpoint":{"type":"string","description_kind":"plain","computed":true},"keystone_name":{"type":"string","description_kind":"plain","computed":true},"keystone_password":{"type":"string","description_kind":"plain","computed":true},"login_id":{"type":"string","description_kind":"plain","required":true},"login_integration":{"type":"string","description_kind":"plain","computed":true},"mail_address":{"type":"string","description_kind":"plain","required":true},"notify_password":{"type":"string","description_kind":"plain","optional":true},"password":{"type":"string","description_kind":"plain","optional":true},"sss_endpoint":{"type":"string","description_kind":"plain","computed":true},"start_time":{"type":"string","description_kind":"plain","computed":true},"user_id":{"type":"string","description_kind":"plain","computed":true}},"description_kind":"plain"}},"ecl_storage_virtualstorage_v1":{"version":0,"block":{"attributes":{"description":{"type":"string","description_kind":"plain","optional":true},"error_message":{"type":"string","description_kind":"plain","optional":true,"computed":true},"id":{"type":"string","description_kind":"plain","optional":true,"computed":true},"ip_addr_pool":{"type":["map","string"],"description_kind":"plain","required":true},"name":{"type":"string","description_kind":"plain","required":true},"network_id":{"type":"string","description_kind":"plain","required":true},"subnet_id":{"type":"string","description_kind":"plain","required":true},"volume_type_id":{"type":"string","description_kind":"plain","optional":true,"computed":true},"volume_type_name":{"type":"string","description_kind":"plain","optional":true}},"block_types":{"host_routes":{"nesting_mode":"list","block":{"attributes":{"destination":{"type":"string","description_kind":"plain","required":true},"nexthop":{"type":"string","description_kind":"plain","required":true}},"description_kind":"plain"}},"timeouts":{"nesting_mode":"single","block":{"attributes":{"create":{"type":"string","description_kind":"plain","optional":true},"delete":{"type":"string","description_kind":"plain","optional":true},"update":{"type":"string","description_kind":"plain","optional":true}},"description_kind":"plain"}}},"description_kind":"plain"}},"ecl_storage_volume_v1":{"version":0,"block":{"attributes":{"availability_zone":{"type":"string","description_kind":"plain","optional":true,"computed":true},"description":{"type":"string","description_kind":"plain","optional":true},"error_message":{"type":"string","description_kind":"plain","optional":true,"computed":true},"id":{"type":"string","description_kind":"plain","optional":true,"computed":true},"initiator_iqns":{"type":["set","string"],"description_kind":"plain","optional":true},"iops_per_gb":{"type":"string","description_kind":"plain","optional":true},"name":{"type":"string","description_kind":"plain","required":true},"size":{"type":"number","description_kind":"plain","required":true},"throughput":{"type":"string","description_kind":"plain","optional":true},"virtual_storage_id":{"type":"string","description_kind":"plain","required":true}},"block_types":{"timeouts":{"nesting_mode":"single","block":{"attributes":{"create":{"type":"string","description_kind":"plain","optional":true},"delete":{"type":"string","description_kind":"plain","optional":true},"update":{"type":"string","description_kind":"plain","optional":true}},"description_kind":"plain"}}},"description_kind":"plain"}},"ecl_vna_appliance_v1":{"version":0,"block":{"attributes":{"availability_zone":{"type":"string","description_kind":"plain","optional":true,"computed":true},"default_gateway":{"type":"string","description_kind":"plain","optional":true},"description":{"type":"string","description_kind":"plain","optional":true},"id":{"type":"string","description_kind":"plain","optional":true,"computed":true},"interface_1_no_allowed_address_pairs":{"type":"bool","description_kind":"plain","optional":true},"interface_1_no_fixed_ips":{"type":"bool","description_kind":"plain","optional":true},"interface_2_no_allowed_address_pairs":{"type":"bool","description_kind":"plain","optional":true},"interface_2_no_fixed_ips":{"type":"bool","description_kind":"plain","optional":true},"interface_3_no_allowed_address_pairs":{"type":"bool","description_kind":"plain","optional":true},"interface_3_no_fixed_ips":{"type":"bool","description_kind":"plain","optional":true},"interface_4_no_allowed_address_pairs":{"type":"bool","description_kind":"plain","optional":true},"interface_4_no_fixed_ips":{"type":"bool","description_kind":"plain","optional":true},"interface_5_no_allowed_address_pairs":{"type":"bool","description_kind":"plain","optional":true},"interface_5_no_fixed_ips":{"type":"bool","description_kind":"plain","optional":true},"interface_6_no_allowed_address_pairs":{"type":"bool","description_kind":"plain","optional":true},"interface_6_no_fixed_ips":{"type":"bool","description_kind":"plain","optional":true},"interface_7_no_allowed_address_pairs":{"type":"bool","description_kind":"plain","optional":true},"interface_7_no_fixed_ips":{"type":"bool","description_kind":"plain","optional":true},"interface_8_no_allowed_address_pairs":{"type":"bool","description_kind":"plain","optional":true},"interface_8_no_fixed_ips":{"type":"bool","description_kind":"plain","optional":true},"name":{"type":"string","description_kind":"plain","optional":true},"tags":{"type":["map","string"],"description_kind":"plain","optional":true},"tenant_id":{"type":"string","description_kind":"plain","optional":true,"computed":true},"virtual_network_appliance_plan_id":{"type":"string","description_kind":"plain","required":true}},"block_types":{"interface_1_allowed_address_pairs":{"nesting_mode":"list","block":{"attributes":{"ip_address":{"type":"string","description_kind":"plain","required":true},"mac_address":{"type":"string","description_kind":"plain","optional":true,"computed":true},"type":{"type":"string","description_kind":"plain","required":true},"vrid":{"type":"string","description_kind":"plain","required":true}},"description_kind":"plain"}},"interface_1_fixed_ips":{"nesting_mode":"list","block":{"attributes":{"ip_address":{"type":"string","description_kind":"plain","required":true},"subnet_id":{"type":"string","description_kind":"plain","computed":true}},"description_kind":"plain"}},"interface_1_info":{"nesting_mode":"list","block":{"attributes":{"description":{"type":"string","description_kind":"plain","optional":true},"name":{"type":"string","description_kind":"plain","optional":true},"network_id":{"type":"string","description_kind":"plain","optional":true},"tags":{"type":["map","string"],"description_kind":"plain","optional":true,"computed":true},"updatable":{"type":"bool","description_kind":"plain","computed":true}},"description_kind":"plain"},"max_items":1},"interface_2_allowed_address_pairs":{"nesting_mode":"list","block":{"attributes":{"ip_address":{"type":"string","description_kind":"plain","required":true},"mac_address":{"type":"string","description_kind":"plain","optional":true,"computed":true},"type":{"type":"string","description_kind":"plain","required":true},"vrid":{"type":"string","description_kind":"plain","required":true}},"description_kind":"plain"}},"interface_2_fixed_ips":{"nesting_mode":"list","block":{"attributes":{"ip_address":{"type":"string","description_kind":"plain","required":true},"subnet_id":{"type":"string","description_kind":"plain","computed":true}},"description_kind":"plain"}},"interface_2_info":{"nesting_mode":"list","block":{"attributes":{"description":{"type":"string","description_kind":"plain","optional":true},"name":{"type":"string","description_kind":"plain","optional":true},"network_id":{"type":"string","description_kind":"plain","optional":true},"tags":{"type":["map","string"],"description_kind":"plain","optional":true,"computed":true},"updatable":{"type":"bool","description_kind":"plain","computed":true}},"description_kind":"plain"},"max_items":1},"interface_3_allowed_address_pairs":{"nesting_mode":"list","block":{"attributes":{"ip_address":{"type":"string","description_kind":"plain","required":true},"mac_address":{"type":"string","description_kind":"plain","optional":true,"computed":true},"type":{"type":"string","description_kind":"plain","required":true},"vrid":{"type":"string","description_kind":"plain","required":true}},"description_kind":"plain"}},"interface_3_fixed_ips":{"nesting_mode":"list","block":{"attributes":{"ip_address":{"type":"string","description_kind":"plain","required":true},"subnet_id":{"type":"string","description_kind":"plain","computed":true}},"description_kind":"plain"}},"interface_3_info":{"nesting_mode":"list","block":{"attributes":{"description":{"type":"string","description_kind":"plain","optional":true},"name":{"type":"string","description_kind":"plain","optional":true},"network_id":{"type":"string","description_kind":"plain","optional":true},"tags":{"type":["map","string"],"description_kind":"plain","optional":true,"computed":true},"updatable":{"type":"bool","description_kind":"plain","computed":true}},"description_kind":"plain"},"max_items":1},"interface_4_allowed_address_pairs":{"nesting_mode":"list","block":{"attributes":{"ip_address":{"type":"string","description_kind":"plain","required":true},"mac_address":{"type":"string","description_kind":"plain","optional":true,"computed":true},"type":{"type":"string","description_kind":"plain","required":true},"vrid":{"type":"string","description_kind":"plain","required":true}},"description_kind":"plain"}},"interface_4_fixed_ips":{"nesting_mode":"list","block":{"attributes":{"ip_address":{"type":"string","description_kind":"plain","required":true},"subnet_id":{"type":"string","description_kind":"plain","computed":true}},"description_kind":"plain"}},"interface_4_info":{"nesting_mode":"list","block":{"attributes":{"description":{"type":"string","description_kind":"plain","optional":true},"name":{"type":"string","description_kind":"plain","optional":true},"network_id":{"type":"string","description_kind":"plain","optional":true},"tags":{"type":["map","string"],"description_kind":"plain","optional":true,"computed":true},"updatable":{"type":"bool","description_kind":"plain","computed":true}},"description_kind":"plain"},"max_items":1},"interface_5_allowed_address_pairs":{"nesting_mode":"list","block":{"attributes":{"ip_address":{"type":"string","description_kind":"plain","required":true},"mac_address":{"type":"string","description_kind":"plain","optional":true,"computed":true},"type":{"type":"string","description_kind":"plain","required":true},"vrid":{"type":"string","description_kind":"plain","required":true}},"description_kind":"plain"}},"interface_5_fixed_ips":{"nesting_mode":"list","block":{"attributes":{"ip_address":{"type":"string","description_kind":"plain","required":true},"subnet_id":{"type":"string","description_kind":"plain","computed":true}},"description_kind":"plain"}},"interface_5_info":{"nesting_mode":"list","block":{"attributes":{"description":{"type":"string","description_kind":"plain","optional":true},"name":{"type":"string","description_kind":"plain","optional":true},"network_id":{"type":"string","description_kind":"plain","optional":true},"tags":{"type":["map","string"],"description_kind":"plain","optional":true,"computed":true},"updatable":{"type":"bool","description_kind":"plain","computed":true}},"description_kind":"plain"},"max_items":1},"interface_6_allowed_address_pairs":{"nesting_mode":"list","block":{"attributes":{"ip_address":{"type":"string","description_kind":"plain","required":true},"mac_address":{"type":"string","description_kind":"plain","optional":true,"computed":true},"type":{"type":"string","description_kind":"plain","required":true},"vrid":{"type":"string","description_kind":"plain","required":true}},"description_kind":"plain"}},"interface_6_fixed_ips":{"nesting_mode":"list","block":{"attributes":{"ip_address":{"type":"string","description_kind":"plain","required":true},"subnet_id":{"type":"string","description_kind":"plain","computed":true}},"description_kind":"plain"}},"interface_6_info":{"nesting_mode":"list","block":{"attributes":{"description":{"type":"string","description_kind":"plain","optional":true},"name":{"type":"string","description_kind":"plain","optional":true},"network_id":{"type":"string","description_kind":"plain","optional":true},"tags":{"type":["map","string"],"description_kind":"plain","optional":true,"computed":true},"updatable":{"type":"bool","description_kind":"plain","computed":true}},"description_kind":"plain"},"max_items":1},"interface_7_allowed_address_pairs":{"nesting_mode":"list","block":{"attributes":{"ip_address":{"type":"string","description_kind":"plain","required":true},"mac_address":{"type":"string","description_kind":"plain","optional":true,"computed":true},"type":{"type":"string","description_kind":"plain","required":true},"vrid":{"type":"string","description_kind":"plain","required":true}},"description_kind":"plain"}},"interface_7_fixed_ips":{"nesting_mode":"list","block":{"attributes":{"ip_address":{"type":"string","description_kind":"plain","required":true},"subnet_id":{"type":"string","description_kind":"plain","computed":true}},"description_kind":"plain"}},"interface_7_info":{"nesting_mode":"list","block":{"attributes":{"description":{"type":"string","description_kind":"plain","optional":true},"name":{"type":"string","description_kind":"plain","optional":true},"network_id":{"type":"string","description_kind":"plain","optional":true},"tags":{"type":["map","string"],"description_kind":"plain","optional":true,"computed":true},"updatable":{"type":"bool","description_kind":"plain","computed":true}},"description_kind":"plain"},"max_items":1},"interface_8_allowed_address_pairs":{"nesting_mode":"list","block":{"attributes":{"ip_address":{"type":"string","description_kind":"plain","required":true},"mac_address":{"type":"string","description_kind":"plain","optional":true,"computed":true},"type":{"type":"string","description_kind":"plain","required":true},"vrid":{"type":"string","description_kind":"plain","required":true}},"description_kind":"plain"}},"interface_8_fixed_ips":{"nesting_mode":"list","block":{"attributes":{"ip_address":{"type":"string","description_kind":"plain","required":true},"subnet_id":{"type":"string","description_kind":"plain","computed":true}},"description_kind":"plain"}},"interface_8_info":{"nesting_mode":"list","block":{"attributes":{"description":{"type":"string","description_kind":"plain","optional":true},"name":{"type":"string","description_kind":"plain","optional":true},"network_id":{"type":"string","description_kind":"plain","optional":true},"tags":{"type":["map","string"],"description_kind":"plain","optional":true,"computed":true},"updatable":{"type":"bool","description_kind":"plain","computed":true}},"description_kind":"plain"},"max_items":1},"timeouts":{"nesting_mode":"single","block":{"attributes":{"create":{"type":"string","description_kind":"plain","optional":true},"delete":{"type":"string","description_kind":"plain","optional":true},"update":{"type":"string","description_kind":"plain","optional":true}},"description_kind":"plain"}}},"description_kind":"plain"}}},"data_source_schemas":{"ecl_baremetal_availability_zone_v2":{"version":0,"block":{"attributes":{"id":{"type":"string","description_kind":"plain","optional":true,"computed":true},"zone_name":{"type":"string","description_kind":"plain","optional":true,"computed":true}},"description_kind":"plain"}},"ecl_baremetal_flavor_v2":{"version":0,"block":{"attributes":{"disk":{"type":"number","description_kind":"plain","optional":true,"computed":true},"id":{"type":"string","description_kind":"plain","optional":true,"computed":true},"name":{"type":"string","description_kind":"plain","optional":true,"computed":true},"ram":{"type":"number","description_kind":"plain","optional":true,"computed":true},"vcpus":{"type":"number","description_kind":"plain","optional":true,"computed":true}},"description_kind":"plain"}},"ecl_baremetal_keypair_v2":{"version":0,"block":{"attributes":{"fingerprint":{"type":"string","description_kind":"plain","computed":true},"id":{"type":"string","description_kind":"plain","optional":true,"computed":true},"name":{"type":"string","description_kind":"plain","required":true},"public_key":{"type":"string","description_kind":"plain","computed":true}},"description_kind":"plain"}},"ecl_compute_flavor_v2":{"version":0,"block":{"attributes":{"disk":{"type":"number","description_kind":"plain","optional":true,"computed":true},"id":{"type":"string","description_kind":"plain","optional":true,"computed":true},"is_public":{"type":"bool","description_kind":"plain","computed":true},"min_disk":{"type":"number","description_kind":"plain","optional":true,"computed":true},"min_ram":{"type":"number","description_kind":"plain","optional":true,"computed":true},"name":{"type":"string","description_kind":"plain","optional":true,"computed":true},"ram":{"type":"number","description_kind":"plain","optional":true,"computed":true},"region":{"type":"string","description_kind":"plain","optional":true,"computed":true},"rx_tx_factor":{"type":"number","description_kind":"plain","optional":true,"computed":true},"swap":{"type":"number","description_kind":"plain","optional":true,"computed":true},"vcpus":{"type":"number","description_kind":"plain","optional":true,"computed":true}},"description_kind":"plain"}},"ecl_compute_keypair_v2":{"version":0,"block":{"attributes":{"id":{"type":"string","description_kind":"plain","optional":true,"computed":true},"name":{"type":"string","description_kind":"plain","required":true},"public_key":{"type":"string","description_kind":"plain","computed":true},"region":{"type":"string","description_kind":"plain","optional":true,"computed":true}},"description_kind":"plain"}},"ecl_dns_zone_v2":{"version":0,"block":{"attributes":{"attributes":{"type":["map","string"],"description_kind":"plain","optional":true,"computed":true},"created_at":{"type":"string","description_kind":"plain","optional":true,"computed":true},"description":{"type":"string","description_kind":"plain","optional":true,"computed":true},"domain_name":{"type":"string","description_kind":"plain","optional":true,"computed":true},"email":{"type":"string","description_kind":"plain","optional":true,"computed":true},"id":{"type":"string","description_kind":"plain","optional":true,"computed":true},"masters":{"type":["set","string"],"description_kind":"plain","optional":true,"computed":true},"name":{"type":"string","description_kind":"plain","optional":true,"computed":true},"pool_id":{"type":"string","description_kind":"plain","optional":true,"computed":true},"project_id":{"type":"string","description_kind":"plain","optional":true,"computed":true},"region":{"type":"string","description_kind":"plain","optional":true,"computed":true},"serial":{"type":"number","description_kind":"plain","optional":true,"computed":true},"status":{"type":"string","description_kind":"plain","optional":true,"computed":true},"transferred_at":{"type":"string","description_kind":"plain","optional":true,"computed":true},"ttl":{"type":"number","description_kind":"plain","optional":true,"computed":true},"type":{"type":"string","description_kind":"plain","optional":true,"computed":true},"updated_at":{"type":"string","description_kind":"plain","optional":true,"computed":true},"version":{"type":"number","description_kind":"plain","optional":true,"computed":true}},"description_kind":"plain"}},"ecl_imagestorages_image_v2":{"version":0,"block":{"attributes":{"checksum":{"type":"string","description_kind":"plain","computed":true},"container_format":{"type":"string","description_kind":"plain","computed":true},"created_at":{"type":"string","description_kind":"plain","computed":true},"disk_format":{"type":"string","description_kind":"plain","computed":true},"file":{"type":"string","description_kind":"plain","computed":true},"id":{"type":"string","description_kind":"plain","optional":true,"computed":true},"member_status":{"type":"string","description_kind":"plain","optional":true,"computed":true},"metadata":{"type":["map","string"],"description_kind":"plain","computed":true},"min_disk_gb":{"type":"number","description_kind":"plain","computed":true},"min_ram_mb":{"type":"number","description_kind":"plain","computed":true},"most_recent":{"type":"bool","description_kind":"plain","optional":true},"name":{"type":"string","description_kind":"plain","optional":true,"computed":true},"owner":{"type":"string","description_kind":"plain","optional":true,"computed":true},"properties":{"type":["map","string"],"description_kind":"plain","optional":true,"computed":true},"protected":{"type":"bool","description_kind":"plain","computed":true},"region":{"type":"string","description_kind":"plain","optional":true,"computed":true},"schema":{"type":"string","description_kind":"plain","computed":true},"size_bytes":{"type":"number","description_kind":"plain","computed":true},"size_max":{"type":"number","description_kind":"plain","optional":true},"size_min":{"type":"number","description_kind":"plain","optional":true},"sort_direction":{"type":"string","description_kind":"plain","optional":true},"sort_key":{"type":"string","description_kind":"plain","optional":true},"tag":{"type":"string","description_kind":"plain","optional":true,"computed":true},"updated_at":{"type":"string","description_kind":"plain","computed":true},"visibility":{"type":"string","description_kind":"plain","optional":true,"computed":true}},"description_kind":"plain"}},"ecl_network_common_function_gateway_v2":{"version":0,"block":{"attributes":{"common_function_pool_id":{"type":"string","description_kind":"plain","optional":true,"computed":true},"description":{"type":"string","description_kind":"plain","optional":true,"computed":true},"id":{"type":"string","description_kind":"plain","optional":true,"computed":true},"name":{"type":"string","description_kind":"plain","optional":true,"computed":true},"network_id":{"type":"string","description_kind":"plain","optional":true,"computed":true},"subnet_id":{"type":"string","description_kind":"plain","optional":true,"computed":true},"tenant_id":{"type":"string","description_kind":"plain","optional":true,"computed":true}},"description_kind":"plain"}},"ecl_network_common_function_pool_v2":{"version":0,"block":{"attributes":{"description":{"type":"string","description_kind":"plain","optional":true,"computed":true},"id":{"type":"string","description_kind":"plain","optional":true,"computed":true},"name":{"type":"string","description_kind":"plain","optional":true,"computed":true}},"description_kind":"plain"}},"ecl_network_fic_gateway_v2":{"version":0,"block":{"attributes":{"description":{"type":"string","description_kind":"plain","optional":true,"computed":true},"fic_gateway_id":{"type":"string","description_kind":"plain","optional":true,"computed":true},"fic_service_id":{"type":"string","description_kind":"plain","optional":true,"computed":true},"id":{"type":"string","description_kind":"plain","optional":true,"computed":true},"name":{"type":"string","description_kind":"plain","optional":true,"computed":true},"qos_option_id":{"type":"string","description_kind":"plain","optional":true,"computed":true},"status":{"type":"string","description_kind":"plain","optional":true,"computed":true},"tenant_id":{"type":"string","description_kind":"plain","optional":true,"computed":true}},"description_kind":"plain"}},"ecl_network_gateway_interface_v2":{"version":0,"block":{"attributes":{"aws_gw_id":{"type":"string","description_kind":"plain","optional":true,"computed":true},"azure_gw_id":{"type":"string","description_kind":"plain","optional":true,"computed":true},"description":{"type":"string","description_kind":"plain","optional":true,"computed":true},"gateway_interface_id":{"type":"string","description_kind":"plain","optional":true,"computed":true},"gcp_gw_id":{"type":"string","description_kind":"plain","optional":true,"computed":true},"gw_vipv4":{"type":"string","description_kind":"plain","optional":true,"computed":true},"gw_vipv6":{"type":"string","description_kind":"plain","optional":true,"computed":true},"id":{"type":"string","description_kind":"plain","optional":true,"computed":true},"interdc_gw_id":{"type":"string","description_kind":"plain","optional":true,"computed":true},"internet_gw_id":{"type":"string","description_kind":"plain","optional":true,"computed":true},"name":{"type":"string","description_kind":"plain","optional":true,"computed":true},"netmask":{"type":"number","description_kind":"plain","optional":true,"computed":true},"network_id":{"type":"string","description_kind":"plain","optional":true,"computed":true},"primary_ipv4":{"type":"string","description_kind":"plain","optional":true,"computed":true},"primary_ipv6":{"type":"string","description_kind":"plain","optional":true,"computed":true},"region":{"type":"string","description_kind":"plain","optional":true,"computed":true},"secondary_ipv4":{"type":"string","description_kind":"plain","optional":true,"computed":true},"secondary_ipv6":{"type":"string","description_kind":"plain","optional":true,"computed":true},"service_type":{"type":"string","description_kind":"plain","optional":true,"computed":true},"status":{"type":"string","description_kind":"plain","optional":true},"tenant_id":{"type":"string","description_kind":"plain","optional":true,"computed":true},"vpn_gw_id":{"type":"string","description_kind":"plain","optional":true,"computed":true},"vrid":{"type":"number","description_kind":"plain","optional":true,"computed":true}},"description_kind":"plain"}},"ecl_network_internet_gateway_v2":{"version":0,"block":{"attributes":{"description":{"type":"string","description_kind":"plain","optional":true,"computed":true},"id":{"type":"string","description_kind":"plain","optional":true,"computed":true},"internet_gateway_id":{"type":"string","description_kind":"plain","optional":true,"computed":true},"internet_service_id":{"type":"string","description_kind":"plain","optional":true,"computed":true},"name":{"type":"string","description_kind":"plain","optional":true,"computed":true},"qos_option_id":{"type":"string","description_kind":"plain","optional":true,"computed":true},"region":{"type":"string","description_kind":"plain","optional":true,"computed":true},"status":{"type":"string","description_kind":"plain","optional":true,"computed":true},"tenant_id":{"type":"string","description_kind":"plain","optional":true,"computed":true}},"description_kind":"plain"}},"ecl_network_internet_service_v2":{"version":0,"block":{"attributes":{"description":{"type":"string","description_kind":"plain","optional":true,"computed":true},"id":{"type":"string","description_kind":"plain","optional":true,"computed":true},"internet_service_id":{"type":"string","description_kind":"plain","optional":true,"computed":true},"minimal_submask_length":{"type":"number","description_kind":"plain","optional":true,"computed":true},"name":{"type":"string","description_kind":"plain","optional":true,"computed":true},"region":{"type":"string","description_kind":"plain","optional":true,"computed":true},"zone":{"type":"string","description_kind":"plain","optional":true,"computed":true}},"description_kind":"plain"}},"ecl_network_load_balancer_plan_v2":{"version":0,"block":{"attributes":{"description":{"type":"string","description_kind":"plain","optional":true,"computed":true},"enabled":{"type":"bool","description_kind":"plain","optional":true,"computed":true},"id":{"type":"string","description_kind":"plain","optional":true,"computed":true},"maximum_syslog_servers":{"type":"number","description_kind":"plain","optional":true,"computed":true},"name":{"type":"string","description_kind":"plain","optional":true,"computed":true},"vendor":{"type":"string","description_kind":"plain","optional":true,"computed":true},"version":{"type":"string","description_kind":"plain","optional":true,"computed":true}},"block_types":{"model":{"nesting_mode":"list","block":{"attributes":{"edition":{"type":"string","description_kind":"plain","optional":true,"computed":true},"size":{"type":"string","description_kind":"plain","optional":true,"computed":true}},"description_kind":"plain"},"max_items":1}},"description_kind":"plain"}},"ecl_network_network_v2":{"version":0,"block":{"attributes":{"admin_state_up":{"type":"bool","description_kind":"plain","computed":true},"description":{"type":"string","description_kind":"plain","optional":true,"computed":true},"id":{"type":"string","description_kind":"plain","optional":true,"computed":true},"matching_subnet_cidr":{"type":"string","description_kind":"plain","optional":true,"computed":true},"name":{"type":"string","description_kind":"plain","optional":true,"computed":true},"network_id":{"type":"string","description_kind":"plain","optional":true,"computed":true},"plane":{"type":"string","description_kind":"plain","optional":true,"computed":true},"region":{"type":"string","description_kind":"plain","optional":true,"computed":true},"status":{"type":"string","description_kind":"plain","computed":true},"subnets":{"type":["list","string"],"description_kind":"plain","computed":true},"tags":{"type":["map","string"],"description_kind":"plain","computed":true},"tenant_id":{"type":"string","description":"The ID of the Tenant (Identity v2) or Project (Identity v3)\nto login with.","description_kind":"plain","computed":true}},"description_kind":"plain"}},"ecl_network_port_v2":{"version":0,"block":{"attributes":{"admin_state_up":{"type":"bool","description_kind":"plain","computed":true},"all_fixed_ips":{"type":["list","string"],"description_kind":"plain","computed":true},"allowed_address_pairs":{"type":["set",["object",{"ip_address":"string","mac_address":"string"}]],"description_kind":"plain","computed":true},"description":{"type":"string","description_kind":"plain","optional":true,"computed":true},"device_id":{"type":"string","description_kind":"plain","optional":true,"computed":true},"device_owner":{"type":"string","description_kind":"plain","optional":true,"computed":true},"fixed_ip":{"type":["list",["object",{"ip_address":"string","subnet_id":"string"}]],"description_kind":"plain","computed":true},"id":{"type":"string","description_kind":"plain","optional":true,"computed":true},"mac_address":{"type":"string","description_kind":"plain","optional":true,"computed":true},"managed_by_service":{"type":"bool","description_kind":"plain","computed":true},"name":{"type":"string","description_kind":"plain","optional":true,"computed":true},"network_id":{"type":"string","description_kind":"plain","optional":true,"computed":true},"port_id":{"type":"string","description_kind":"plain","optional":true,"computed":true},"region":{"type":"string","description_kind":"plain","optional":true,"computed":true},"segmentation_id":{"type":"number","description_kind":"plain","optional":true,"computed":true},"segmentation_type":{"type":"string","description_kind":"plain","optional":true,"computed":true},"status":{"type":"string","description_kind":"plain","computed":true},"tags":{"type":["map","string"],"description_kind":"plain","computed":true},"tenant_id":{"type":"string","description_kind":"plain","computed":true}},"description_kind":"plain"}},"ecl_network_public_ip_v2":{"version":0,"block":{"attributes":{"cidr":{"type":"string","description_kind":"plain","optional":true,"computed":true},"description":{"type":"string","description_kind":"plain","optional":true,"computed":true},"id":{"type":"string","description_kind":"plain","optional":true,"computed":true},"internet_gw_id":{"type":"string","description_kind":"plain","optional":true,"computed":true},"name":{"type":"string","description_kind":"plain","optional":true,"computed":true},"public_ip_id":{"type":"string","description_kind":"plain","optional":true,"computed":true},"region":{"type":"string","description_kind":"plain","optional":true,"computed":true},"status":{"type":"string","description_kind":"plain","optional":true,"computed":true},"submask_length":{"type":"number","description_kind":"plain","optional":true,"computed":true},"tenant_id":{"type":"string","description_kind":"plain","optional":true,"computed":true}},"description_kind":"plain"}},"ecl_network_qos_options_v2":{"version":0,"block":{"attributes":{"aws_service_id":{"type":"string","description_kind":"plain","optional":true,"computed":true},"azure_service_id":{"type":"string","description_kind":"plain","optional":true,"computed":true},"bandwidth":{"type":"string","description_kind":"plain","optional":true,"computed":true},"description":{"type":"string","description_kind":"plain","optional":true,"computed":true},"fic_service_id":{"type":"string","description_kind":"plain","optional":true,"computed":true},"gcp_service_id":{"type":"string","description_kind":"plain","optional":true,"computed":true},"id":{"type":"string","description_kind":"plain","optional":true,"computed":true},"interdc_service_id":{"type":"string","description_kind":"plain","optional":true,"computed":true},"internet_service_id":{"type":"string","description_kind":"plain","optional":true,"computed":true},"name":{"type":"string","description_kind":"plain","optional":true,"computed":true},"qos_option_id":{"type":"string","description_kind":"plain","optional":true,"computed":true},"qos_type":{"type":"string","description_kind":"plain","optional":true,"computed":true},"service_type":{"type":"string","description_kind":"plain","optional":true,"computed":true},"status":{"type":"string","description_kind":"plain","optional":true,"computed":true},"vpn_service_id":{"type":"string","description_kind":"plain","optional":true,"computed":true}},"description_kind":"plain"}},"ecl_network_static_route_v2":{"version":0,"block":{"attributes":{"aws_gw_id":{"type":"string","description_kind":"plain","optional":true,"computed":true},"azure_gw_id":{"type":"string","description_kind":"plain","optional":true,"computed":true},"description":{"type":"string","description_kind":"plain","optional":true,"computed":true},"destination":{"type":"string","description_kind":"plain","optional":true,"computed":true},"gcp_gw_id":{"type":"string","description_kind":"plain","optional":true,"computed":true},"id":{"type":"string","description_kind":"plain","optional":true,"computed":true},"interdc_gw_id":{"type":"string","description_kind":"plain","optional":true,"computed":true},"internet_gw_id":{"type":"string","description_kind":"plain","optional":true,"computed":true},"name":{"type":"string","description_kind":"plain","optional":true,"computed":true},"nexthop":{"type":"string","description_kind":"plain","optional":true,"computed":true},"region":{"type":"string","description_kind":"plain","optional":true,"computed":true},"service_type":{"type":"string","description_kind":"plain","optional":true,"computed":true},"static_route_id":{"type":"string","description_kind":"plain","optional":true,"computed":true},"status":{"type":"string","description_kind":"plain","optional":true,"computed":true},"tenant_id":{"type":"string","description_kind":"plain","optional":true,"computed":true},"vpn_gw_id":{"type":"string","description_kind":"plain","optional":true,"computed":true}},"description_kind":"plain"}},"ecl_network_subnet_v2":{"version":0,"block":{"attributes":{"allocation_pools":{"type":["list",["object",{"end":"string","start":"string"}]],"description_kind":"plain","computed":true},"cidr":{"type":"string","description_kind":"plain","optional":true,"computed":true},"description":{"type":"string","description_kind":"plain","optional":true,"computed":true},"dns_nameservers":{"type":["list","string"],"description_kind":"plain","computed":true},"enable_dhcp":{"type":"bool","description_kind":"plain","computed":true},"gateway_ip":{"type":"string","description_kind":"plain","optional":true,"computed":true},"host_routes":{"type":["list",["object",{"destination_cidr":"string","next_hop":"string"}]],"description_kind":"plain","computed":true},"id":{"type":"string","description_kind":"plain","optional":true,"computed":true},"ip_version":{"type":"number","description_kind":"plain","computed":true},"ipv6_address_mode":{"type":"string","description_kind":"plain","computed":true},"ipv6_ra_mode":{"type":"string","description_kind":"plain","computed":true},"name":{"type":"string","description_kind":"plain","optional":true,"computed":true},"network_id":{"type":"string","description_kind":"plain","optional":true,"computed":true},"ntp_servers":{"type":["list","string"],"description_kind":"plain","computed":true},"region":{"type":"string","description_kind":"plain","optional":true,"computed":true},"status":{"type":"string","description_kind":"plain","computed":true},"subnet_id":{"type":"string","description_kind":"plain","optional":true,"computed":true},"tags":{"type":["map","string"],"description_kind":"plain","computed":true},"tenant_id":{"type":"string","description":"The ID of the Tenant (Identity v2) or Project (Identity v3)\nto login with.","description_kind":"plain","computed":true}},"description_kind":"plain"}},"ecl_sss_tenant_v1":{"version":0,"block":{"attributes":{"contract_id":{"type":"string","description_kind":"plain","computed":true},"description":{"type":"string","description_kind":"plain","computed":true},"id":{"type":"string","description_kind":"plain","optional":true,"computed":true},"region":{"type":"string","description_kind":"plain","computed":true},"start_time":{"type":"string","description_kind":"plain","computed":true},"tenant_id":{"type":"string","description_kind":"plain","computed":true},"tenant_name":{"type":"string","description_kind":"plain","required":true}},"description_kind":"plain"}},"ecl_storage_virtualstorage_v1":{"version":0,"block":{"attributes":{"description":{"type":"string","description_kind":"plain","computed":true},"host_routes":{"type":["list",["object",{"destination":"string","nexthop":"string"}]],"description_kind":"plain","computed":true},"id":{"type":"string","description_kind":"plain","optional":true,"computed":true},"ip_addr_pool":{"type":["map","string"],"description_kind":"plain","computed":true},"name":{"type":"string","description_kind":"plain","optional":true},"network_id":{"type":"string","description_kind":"plain","computed":true},"subnet_id":{"type":"string","description_kind":"plain","computed":true},"virtual_storage_id":{"type":"string","description_kind":"plain","optional":true},"volume_type_id":{"type":"string","description_kind":"plain","computed":true}},"description_kind":"plain"}},"ecl_storage_volume_v1":{"version":0,"block":{"attributes":{"availability_zone":{"type":"string","description_kind":"plain","computed":true},"description":{"type":"string","description_kind":"plain","computed":true},"id":{"type":"string","description_kind":"plain","optional":true,"computed":true},"initiator_iqns":{"type":["set","string"],"description_kind":"plain","computed":true},"iops_per_gb":{"type":"string","description_kind":"plain","computed":true},"name":{"type":"string","description_kind":"plain","optional":true},"size":{"type":"number","description_kind":"plain","computed":true},"throughput":{"type":"string","description_kind":"plain","computed":true},"virtual_storage_id":{"type":"string","description_kind":"plain","computed":true},"volume_id":{"type":"string","description_kind":"plain","optional":true}},"description_kind":"plain"}},"ecl_storage_volumetype_v1":{"version":0,"block":{"attributes":{"extra_specs":{"type":["map","string"],"description_kind":"plain","computed":true},"id":{"type":"string","description_kind":"plain","optional":true,"computed":true},"name":{"type":"string","description_kind":"plain","optional":true},"volume_type_id":{"type":"string","description_kind":"plain","optional":true}},"description_kind":"plain"}},"ecl_vna_appliance_v1":{"version":0,"block":{"attributes":{"appliance_type":{"type":"string","description_kind":"plain","optional":true,"computed":true},"availability_zone":{"type":"string","description_kind":"plain","optional":true,"computed":true},"description":{"type":"string","description_kind":"plain","optional":true,"computed":true},"id":{"type":"string","description_kind":"plain","optional":true,"computed":true},"interface_1_allowed_address_pairs":{"type":["list",["object",{"ip_address":"string","mac_address":"string","type":"string","vrid":"string"}]],"description_kind":"plain","computed":true},"interface_1_fixed_ips":{"type":["list",["object",{"ip_address":"string","subnet_id":"string"}]],"description_kind":"plain","computed":true},"interface_2_allowed_address_pairs":{"type":["list",["object",{"ip_address":"string","mac_address":"string","type":"string","vrid":"string"}]],"description_kind":"plain","computed":true},"interface_2_fixed_ips":{"type":["list",["object",{"ip_address":"string","subnet_id":"string"}]],"description_kind":"plain","computed":true},"interface_3_allowed_address_pairs":{"type":["list",["object",{"ip_address":"string","mac_address":"string","type":"string","vrid":"string"}]],"description_kind":"plain","computed":true},"interface_3_fixed_ips":{"type":["list",["object",{"ip_address":"string","subnet_id":"string"}]],"description_kind":"plain","computed":true},"interface_4_allowed_address_pairs":{"type":["list",["object",{"ip_address":"string","mac_address":"string","type":"string","vrid":"string"}]],"description_kind":"plain","computed":true},"interface_4_fixed_ips":{"type":["list",["object",{"ip_address":"string","subnet_id":"string"}]],"description_kind":"plain","computed":true},"interface_5_allowed_address_pairs":{"type":["list",["object",{"ip_address":"string","mac_address":"string","type":"string","vrid":"string"}]],"description_kind":"plain","computed":true},"interface_5_fixed_ips":{"type":["list",["object",{"ip_address":"string","subnet_id":"string"}]],"description_kind":"plain","computed":true},"interface_6_allowed_address_pairs":{"type":["list",["object",{"ip_address":"string","mac_address":"string","type":"string","vrid":"string"}]],"description_kind":"plain","computed":true},"interface_6_fixed_ips":{"type":["list",["object",{"ip_address":"string","subnet_id":"string"}]],"description_kind":"plain","computed":true},"interface_7_allowed_address_pairs":{"type":["list",["object",{"ip_address":"string","mac_address":"string","type":"string","vrid":"string"}]],"description_kind":"plain","computed":true},"interface_7_fixed_ips":{"type":["list",["object",{"ip_address":"string","subnet_id":"string"}]],"description_kind":"plain","computed":true},"interface_8_allowed_address_pairs":{"type":["list",["object",{"ip_address":"string","mac_address":"string","type":"string","vrid":"string"}]],"description_kind":"plain","computed":true},"interface_8_fixed_ips":{"type":["list",["object",{"ip_address":"string","subnet_id":"string"}]],"description_kind":"plain","computed":true},"name":{"type":"string","description_kind":"plain","optional":true,"computed":true},"operation_status":{"type":"string","description_kind":"plain","optional":true,"computed":true},"os_login_status":{"type":"string","description_kind":"plain","optional":true,"computed":true},"os_monitoring_status":{"type":"string","description_kind":"plain","optional":true,"computed":true},"tags":{"type":["map","string"],"description_kind":"plain","computed":true},"tenant_id":{"type":"string","description_kind":"plain","optional":true,"computed":true},"virtual_network_appliance_id":{"type":"string","description_kind":"plain","optional":true,"computed":true},"virtual_network_appliance_plan_id":{"type":"string","description_kind":"plain","optional":true,"computed":true},"vm_status":{"type":"string","description_kind":"plain","optional":true,"computed":true}},"block_types":{"interface_1_info":{"nesting_mode":"list","block":{"attributes":{"description":{"type":"string","description_kind":"plain","computed":true},"name":{"type":"string","description_kind":"plain","computed":true},"network_id":{"type":"string","description_kind":"plain","computed":true},"tags":{"type":["map","string"],"description_kind":"plain","computed":true},"updatable":{"type":"bool","description_kind":"plain","computed":true}},"description_kind":"plain"}},"interface_2_info":{"nesting_mode":"list","block":{"attributes":{"description":{"type":"string","description_kind":"plain","computed":true},"name":{"type":"string","description_kind":"plain","computed":true},"network_id":{"type":"string","description_kind":"plain","computed":true},"tags":{"type":["map","string"],"description_kind":"plain","computed":true},"updatable":{"type":"bool","description_kind":"plain","computed":true}},"description_kind":"plain"}},"interface_3_info":{"nesting_mode":"list","block":{"attributes":{"description":{"type":"string","description_kind":"plain","computed":true},"name":{"type":"string","description_kind":"plain","computed":true},"network_id":{"type":"string","description_kind":"plain","computed":true},"tags":{"type":["map","string"],"description_kind":"plain","computed":true},"updatable":{"type":"bool","description_kind":"plain","computed":true}},"description_kind":"plain"}},"interface_4_info":{"nesting_mode":"list","block":{"attributes":{"description":{"type":"string","description_kind":"plain","computed":true},"name":{"type":"string","description_kind":"plain","computed":true},"network_id":{"type":"string","description_kind":"plain","computed":true},"tags":{"type":["map","string"],"description_kind":"plain","computed":true},"updatable":{"type":"bool","description_kind":"plain","computed":true}},"description_kind":"plain"}},"interface_5_info":{"nesting_mode":"list","block":{"attributes":{"description":{"type":"string","description_kind":"plain","computed":true},"name":{"type":"string","description_kind":"plain","computed":true},"network_id":{"type":"string","description_kind":"plain","computed":true},"tags":{"type":["map","string"],"description_kind":"plain","computed":true},"updatable":{"type":"bool","description_kind":"plain","computed":true}},"description_kind":"plain"}},"interface_6_info":{"nesting_mode":"list","block":{"attributes":{"description":{"type":"string","description_kind":"plain","computed":true},"name":{"type":"string","description_kind":"plain","computed":true},"network_id":{"type":"string","description_kind":"plain","computed":true},"tags":{"type":["map","string"],"description_kind":"plain","computed":true},"updatable":{"type":"bool","description_kind":"plain","computed":true}},"description_kind":"plain"}},"interface_7_info":{"nesting_mode":"list","block":{"attributes":{"description":{"type":"string","description_kind":"plain","computed":true},"name":{"type":"string","description_kind":"plain","computed":true},"network_id":{"type":"string","description_kind":"plain","computed":true},"tags":{"type":["map","string"],"description_kind":"plain","computed":true},"updatable":{"type":"bool","description_kind":"plain","computed":true}},"description_kind":"plain"}},"interface_8_info":{"nesting_mode":"list","block":{"attributes":{"description":{"type":"string","description_kind":"plain","computed":true},"name":{"type":"string","description_kind":"plain","computed":true},"network_id":{"type":"string","description_kind":"plain","computed":true},"tags":{"type":["map","string"],"description_kind":"plain","computed":true},"updatable":{"type":"bool","description_kind":"plain","computed":true}},"description_kind":"plain"}}},"description_kind":"plain"}}}}}}
