{"format_version":"0.2","provider_schemas":{"registry.terraform.io/nullstone-io/ns":{"provider":{"version":0,"block":{"attributes":{"capability_id":{"type":"number","description":"Configure provider with the context of the capability's id","description_kind":"markdown","optional":true},"organization":{"type":"string","description":"Configure provider with this organization.","description_kind":"markdown","optional":true}},"description_kind":"plain"}},"resource_schemas":{"ns_autogen_subdomain":{"version":0,"block":{"attributes":{"dns_name":{"type":"string","description":"The name of the autogenerated subdomain.","description_kind":"markdown","computed":true},"domain_name":{"type":"string","description":"The domain name that nullstone manages for this autogenerated subdomain. It is usually `nullstone.app`.","description_kind":"markdown","computed":true},"env_id":{"type":"number","description":"The autogen subdomain belongs to this env.","description_kind":"markdown","required":true},"fqdn":{"type":"string","description":"The fully-qualified domain name (FQDN) that nullstone manages for this autogenerated subdomain. It is composed as `{dns_name}.{domain_name}.`.","description_kind":"markdown","computed":true},"id":{"type":"string","description":"This attribute is only present for some compatibility issues and should not be used. It will be removed in a future version.","description_kind":"markdown","deprecated":true,"computed":true},"subdomain_id":{"type":"number","description":"The autogen subdomain belongs to this subdomain.","description_kind":"markdown","required":true}},"description_kind":"plain"}},"ns_autogen_subdomain_delegation":{"version":0,"block":{"attributes":{"env_id":{"type":"number","description":"The autogen subdomain belongs to this env.","description_kind":"markdown","required":true},"id":{"type":"string","description":"This attribute is only present for some compatibility issues and should not be used. It will be removed in a future version.","description_kind":"markdown","deprecated":true,"computed":true},"nameservers":{"type":["list","string"],"description":"A list of nameservers that refer to a DNS zone where this subdomain can delegate.","description_kind":"markdown","required":true},"subdomain_id":{"type":"number","description":"The autogen subdomain belongs to this subdomain.","description_kind":"markdown","required":true}},"description_kind":"plain"}}},"data_source_schemas":{"ns_app_env":{"version":0,"block":{"attributes":{"app_id":{"type":"number","description":"The ID of the application in nullstone.","description_kind":"markdown","required":true},"env_id":{"type":"number","description":"The ID of the environment in nullstone.","description_kind":"markdown","required":true},"id":{"type":"string","description":"This attribute is only present for some compatibility issues and should not be used. It will be removed in a future version.","description_kind":"markdown","deprecated":true,"computed":true},"stack_id":{"type":"number","description":"The ID of the owning stack for the application in nullstone.","description_kind":"markdown","required":true},"version":{"type":"string","description":"The version configured for the application in the specific environment.","description_kind":"markdown","computed":true}},"description":"Data source to configure module based on current nullstone workspace.","description_kind":"markdown"}},"ns_connection":{"version":0,"block":{"attributes":{"id":{"type":"string","description":"This attribute is only present for some compatibility issues and should not be used. It will be removed in a future version.","description_kind":"markdown","deprecated":true,"computed":true},"name":{"type":"string","description":"The unique name of the connection within this module.","description_kind":"markdown","required":true},"optional":{"type":"bool","description":"This data source will cause an error if optional is false and this connection is not configured.","description_kind":"markdown","optional":true},"outputs":{"type":"dynamic","description":"An object containing every root-level output in the remote state.","description_kind":"markdown","computed":true},"type":{"type":"string","description":"The type of module to satisfy this connection.","description_kind":"markdown","required":true},"via":{"type":"string","description":"Defines this connection is satisfied through another ns_connection.\nTypically, this is set to data.ns_connection.other.name","description_kind":"markdown","optional":true},"workspace_id":{"type":"string","description":"This refers to the workspace in nullstone. This follows the form `{stack}/{env}/{block}`.","description_kind":"markdown","computed":true}},"description":"Data source to configure a connection to another nullstone workspace.","description_kind":"markdown"}},"ns_domain":{"version":0,"block":{"attributes":{"block_id":{"type":"number","description":"The block ID of the subdomain (in the specified stack)","description_kind":"markdown","required":true},"dns_name":{"type":"string","description":"The DNS name defined on the domain","description_kind":"markdown","computed":true},"id":{"type":"string","description":"This attribute is only present for some compatibility issues and should not be used. It will be removed in a future version.","description_kind":"markdown","deprecated":true,"computed":true},"stack_id":{"type":"number","description":"The stack ID that owns this subdomain","description_kind":"markdown","required":true}},"description":"Data source to read a nullstone domain.","description_kind":"markdown"}},"ns_subdomain":{"version":0,"block":{"attributes":{"block_id":{"type":"number","description":"The block ID of the subdomain (in the specified stack)","description_kind":"markdown","required":true},"dns_name":{"type":"string","description":"The DNS name defined on the subdomain","description_kind":"markdown","computed":true},"id":{"type":"string","description":"This attribute is only present for some compatibility issues and should not be used. It will be removed in a future version.","description_kind":"markdown","deprecated":true,"computed":true},"stack_id":{"type":"number","description":"The stack ID that owns this subdomain","description_kind":"markdown","required":true}},"description":"Data source to read a nullstone subdomain.","description_kind":"markdown"}},"ns_workspace":{"version":0,"block":{"attributes":{"block":{"type":"string","description":"The name of the stack in nullstone that owns this workspace.","description_kind":"markdown","deprecated":true},"block_id":{"type":"number","description":"The ID of the block in nullstone associated with this workspace.","description_kind":"markdown"},"block_name":{"type":"string","description":"The name of the block in nullstone that owns this workspace.","description_kind":"markdown"},"block_ref":{"type":"string","description":"The reference of the block in nullstone that owns this workspace.\nThis is typically used to construct unique resource names. See unique_name.","description_kind":"markdown"},"env":{"type":"string","description":"The name of the stack in nullstone that owns this workspace.","description_kind":"markdown","deprecated":true},"env_id":{"type":"number","description":"The ID of the environment in nullstone associated with this workspace.","description_kind":"markdown"},"env_name":{"type":"string","description":"The name of the block in nullstone that owns this workspace.","description_kind":"markdown"},"hyphenated_name":{"type":"string","description":"A standard, unique, computed name for the workspace using '-' as a delimiter that is typically used for resource names.","description_kind":"markdown","deprecated":true},"id":{"type":"string","description":"This attribute is only present for some compatibility issues and should not be used. It will be removed in a future version.","description_kind":"markdown","deprecated":true,"computed":true},"slashed_name":{"type":"string","description":"A standard, unique, computed name for the workspace using '/' as a delimiter that is typically used for resource names.","description_kind":"markdown","deprecated":true},"stack":{"type":"string","description":"The name of the stack in nullstone that owns this workspace.","description_kind":"markdown","deprecated":true},"stack_id":{"type":"number","description":"The ID of the stack in nullstone that owns this workspace.","description_kind":"markdown"},"stack_name":{"type":"string","description":"The name of the stack in nullstone that owns this workspace.","description_kind":"markdown"},"tags":{"type":["map","string"],"description":"A default list of tags including all nullstone configuration for this workspace.","description_kind":"markdown","computed":true},"workspace_id":{"type":"string","description":"The fully qualified workspace ID. This follows the form `\u003cstack\u003e/\u003cenv\u003e/\u003cblock\u003e`.","description_kind":"markdown","computed":true}},"description":"Data source to configure module based on current nullstone workspace.","description_kind":"markdown"}}}}}}
