{"format_version":"0.2","provider_schemas":{"registry.terraform.io/nutanix/nutanixkps":{"provider":{"version":0,"block":{"attributes":{"api_token":{"type":"string","description":"API authentication token used during API requests. You can generate API keys in the KPS cloud management console by using the Manage API Keys option.","description_kind":"plain","optional":true,"sensitive":true},"host":{"type":"string","description":"Karbon Platform Services endpoint for hosting the Service Domain. ","description_kind":"plain","optional":true},"password":{"type":"string","description":"Password for the Karbon Platform Services local user account user.","description_kind":"plain","optional":true,"sensitive":true},"username":{"type":"string","description":"Username for the Karbon Platform Services local user account user.","description_kind":"plain","optional":true}},"description_kind":"plain"}},"resource_schemas":{"nutanixkps_application":{"version":0,"block":{"attributes":{"description":{"type":"string","description":"Description of the application. For example, describe the application's purpose.","description_kind":"plain","optional":true},"edge_ids":{"type":["list","string"],"description":"List of service domain and / or node IDs which are part of this application. \n\t\t\t\tEven if you want to add a single ID, use square brackets. For example, [ '\u003csvc domain id\u003e' ]","description_kind":"plain","required":true},"helm_chart_filename":{"type":"string","description":"TGZ file name with path for the Helm chart for this application","description_kind":"plain","required":true},"helm_values_filename":{"type":"string","description":"Values yaml file name with path","description_kind":"plain","optional":true},"id":{"type":"string","description_kind":"plain","optional":true,"computed":true},"name":{"type":"string","description":"Name of the application:\n\t\t\t\tName must include lowercase alphanumeric characters and must start and end with an lowercase alphanumeric character.\n\t\t\t\tDash (-) and dot (.) characters are allowed as delimiters. Maximum length of 200 characters.","description_kind":"plain","required":true},"project_id":{"type":"string","description":"Id of the project to which this application belongs","description_kind":"plain","required":true}},"description":"Describes a Karbon Platform Services Kubernetes Application","description_kind":"plain"}},"nutanixkps_node":{"version":0,"block":{"attributes":{"description":{"type":"string","description":"Describe the node. For example, the main purpose or use case of the node.","description_kind":"plain","required":true},"gateway":{"type":"string","description":"Gateway IPv4 address for this node","description_kind":"plain","required":true},"id":{"type":"string","description_kind":"plain","optional":true,"computed":true},"ip_address":{"type":"string","description":"IPv4 address of this node","description_kind":"plain","required":true},"is_bootstrap_master":{"type":"bool","description":"Default setting is true. Set to false indicates this node is not a bootstrap master.","description_kind":"plain","optional":true,"computed":true},"name":{"type":"string","description":"Name of the node: \n\t\t\t\tName must include lowercase alphanumeric characters and must start and end with an lowercase alphanumeric character.\n\t\t\t\tDash (-) and dot (.) characters are allowed as delimiters. Maximum length of 60 characters.","description_kind":"plain","required":true},"serial_number":{"type":"string","description":"Node serial number. Any alpha characters must be in all capitals.","description_kind":"plain","required":true},"service_domain_id":{"type":"string","description":"Id of the service domain to which this node belongs","description_kind":"plain","required":true},"subnet":{"type":"string","description":"Subnet mask for this node","description_kind":"plain","required":true},"wait_for_onboarding":{"type":"bool","description":"Default setting is false and the terraform provider does not wait for the node to be onboarded. \n\t\t\t\tSet to true indicates that the terraform provider waits for the node to be onboarded.","description_kind":"plain","optional":true},"wait_timeout_minutes":{"type":"number","description":"Wait timeout in minutes","description_kind":"plain","optional":true}},"block_types":{"role":{"nesting_mode":"list","block":{"attributes":{"master":{"type":"bool","description_kind":"plain","required":true},"worker":{"type":"bool","description_kind":"plain","required":true}},"description":"Set the role as master or worker. Default setting is true to enable the role as master as well as worker. \n\t\t\t\tSet to false to disable a role.","description_kind":"plain"},"min_items":1,"max_items":1}},"description":"Describes a Karbon Platform Services Service Domain Node. A Service Domain Node is the baremetal/virtual machine that is being managed by Karbon Platform Services.","description_kind":"plain"}},"nutanixkps_project":{"version":0,"block":{"attributes":{"description":{"type":"string","description":"Describe the project. For example, the main purpose or use case of the project.\n\t\t\t\tMaximum length of 200 characters.","description_kind":"plain","optional":true},"edge_ids":{"type":["list","string"],"description":"List of service domain and / or node IDs which are part of this project. \n\t\t\t\tEven if you want to add a single ID, use square brackets. For example, [ '\u003csvc domain id\u003e' ]","description_kind":"plain","required":true},"edge_selector_type":{"type":"string","description":"Type for selecting nodes / service domains belonging to this project. \n\t\t\t\tValid values for this field are: 'Category' or 'Explicit'.\n\t\t\t\tCurrently the terraform provider supports only Explicit mode.","description_kind":"plain","optional":true},"id":{"type":"string","description_kind":"plain","optional":true,"computed":true},"name":{"type":"string","description":"Name of the project: Maximum length of 200 characters.","description_kind":"plain","required":true},"privileged":{"type":"bool","description":"Default setting is false. \n\t\t\t\tSet to true indicates that the project can run with elevated privileges","description_kind":"plain","optional":true}},"block_types":{"user":{"nesting_mode":"list","block":{"attributes":{"role":{"type":"string","description":"Valid values for Role are: PROJECT_ADMIN, PROJECT_USER","description_kind":"plain","required":true},"user_id":{"type":"string","description":"ID of the user to be added to the project","description_kind":"plain","required":true}},"description":"List of users who can access this project","description_kind":"plain"},"min_items":1}},"description":"Describes a Karbon Platform Services Project.","description_kind":"plain"}},"nutanixkps_servicebinding":{"version":0,"block":{"attributes":{"id":{"type":"string","description_kind":"plain","optional":true,"computed":true},"name":{"type":"string","description":"Name of the Service Binding. Maximum length of 200 characters.","description_kind":"plain","required":true},"service_class_id":{"type":"string","description":"Service class ID of the service you want to bind. \n\t\t\t\tFor example, ID of the AI Inferencing or the Istio service. \n\t\t\t\tYou can obtain service class IDs by querying the ServiceClass resource.","description_kind":"plain","required":true}},"block_types":{"bind_resource":{"nesting_mode":"list","block":{"attributes":{"id":{"type":"string","description":"ID of the resource, either a service domain or a project","description_kind":"plain","required":true},"type":{"type":"string","description":"Valid values for this field are: 'SERVICEDOMAIN' or 'PROJECT'","description_kind":"plain","required":true}},"description":"The resource, service domain or project, to which the service class will be bound","description_kind":"plain"},"min_items":1,"max_items":1}},"description":"Describes a Karbon Platform Services Service Binding.","description_kind":"plain"}},"nutanixkps_servicedomain":{"version":0,"block":{"attributes":{"description":{"type":"string","description":"Describe the service domain. For example, the main purpose or use case of the service domain.","description_kind":"plain","required":true},"id":{"type":"string","description_kind":"plain","optional":true,"computed":true},"last_updated":{"type":"string","description":"Last updated timestamp, auto-computed. No input required for this field.","description_kind":"plain","optional":true,"computed":true},"name":{"type":"string","description":"Name of the service domain: \n\t\t\t\tName must include lowercase alphanumeric characters and must start and end with an lowercase alphanumeric character.\n\t\t\t\tDash (-) and dot (.) characters are allowed as delimiters. Maximum length of 60 characters.","description_kind":"plain","required":true},"virtual_ip":{"type":"string","description":"Virtual IPv4 address for this Service Domain","description_kind":"plain","optional":true}},"description":"Describes a Karbon Platform Services Service Domain.","description_kind":"plain"}},"nutanixkps_serviceinstance":{"version":0,"block":{"attributes":{"description":{"type":"string","description":"Describe the service instance. For example, the main purpose or use case of the service instance.\n\t\t\t\tMaximum length of 200 charachters.","description_kind":"plain","optional":true},"id":{"type":"string","description_kind":"plain","optional":true,"computed":true},"name":{"type":"string","description":"Name of the service instance: Maximum length of 200 characters.","description_kind":"plain","required":true},"project_id":{"type":"string","description":"ID of the project to which this service instance belongs.","description_kind":"plain","required":true},"service_class_id":{"type":"string","description":"Service class ID of the service you want to bind.\n\t\t\t\tFor example, ID of the AI Inferencing or the Istio service.\n\t\t\t\tYou can obtain service class IDs by querying the ServiceClass resource.","description_kind":"plain","required":true}},"description":"Describes a Karbon Platform Services Service Instance.","description_kind":"plain"}},"nutanixkps_storageprofile":{"version":0,"block":{"attributes":{"id":{"type":"string","description_kind":"plain","optional":true,"computed":true},"is_default":{"type":"bool","description":"Default setting is true.\n\t\t\t\tSet to false indicates this storage profile is not the default profile for the service domain.","description_kind":"plain","required":true},"name":{"type":"string","description":"Name of the service instance: Maximum length of 200 characters.","description_kind":"plain","required":true},"service_domain_id":{"type":"string","description":"ID of the Service Domain to which this Storage Profile belongs.","description_kind":"plain","required":true},"type":{"type":"string","description":"Type of the Storage Profile, auto-computed. No input required for this field.","description_kind":"plain","optional":true,"computed":true}},"block_types":{"ebs_storage_config":{"nesting_mode":"list","block":{"attributes":{"encrypted":{"type":"string","description":"Set to true if the data in the volume should be encrypted. By default this value is false.","description_kind":"plain","optional":true},"iops_per_gb":{"type":"string","description":"Input / output operations per second, measured in GB","description_kind":"plain","required":true},"type":{"type":"string","description":"Type of the EBS volume. For example, gp2, gp3, io1, io2, st1, sc1","description_kind":"plain","required":true}},"description":"Configuration for the EBS type storage profile which uses the AWS EBS volumes as the backend storage for this profile.","description_kind":"plain"},"max_items":1},"nutanix_volumes_config":{"nesting_mode":"list","block":{"attributes":{"data_services_ip":{"type":"string","description":"IPv4 data services address used by Nutanix Volumes.\n\t\t\t\t\t\t\tNutanix Volumes is a load-balanced iSCSI target storage feature of AOS.\n\t\t\t\t\t\t\tYou can obtain this field value by logging in to the Nutanix Prism console.\n\t\t\t\t\t\t\tIn the Prism web console, see Cluster Details to get the cluster data services IP address.","description_kind":"plain","required":true},"data_services_port":{"type":"number","description":"Data services default port 3260.","description_kind":"plain","optional":true},"flash_mode":{"type":"bool","description_kind":"plain","optional":true},"prism_element_cluster_port":{"type":"number","description":"Prism Element cluster default port 9440.","description_kind":"plain","optional":true},"prism_element_cluster_vip":{"type":"string","description":"This field sets a logical IP address for the cluster.\n\t\t\t\t\t\t\tYou can obtain this field value by logging in to the Nutanix Prism console. \n\t\t\t\t\t\t\tIn the Prism web console, see Cluster Details to get the cluster virtual IP address.","description_kind":"plain","required":true},"prism_element_password":{"type":"string","description":"Password for the Prism element cluster.\n\t\t\t\t\t\t\tYou can obtain the credentials by contacting your Prism Element cluster administrator if you don't have them already.","description_kind":"plain","required":true,"sensitive":true},"prism_element_storage_container_name":{"type":"string","description":"Name of the storage container: The maximum length is 75 characters.\n\t\t\t\t\t\t\tAllowed characters are uppercase and lowercase standard Latin letters (A-Z and a-z), Simplified Chinese, decimal digits (0-9), dots (.), hyphens (-), and underscores (_).","description_kind":"plain","required":true},"prism_element_username":{"type":"string","description":"User name for the Prism element cluster.\n\t\t\t\t\t\t\tYou can obtain the credentials by contacting your Prism Element cluster administrator if you don't have them already.","description_kind":"plain","required":true}},"description":"Configuration for the Nutanix AOS cluster storage which uses Nutanix Volumes as the backend storage for this profile.","description_kind":"plain"},"max_items":1}},"description":"Describes a Karbon Platform Services Storage Profile.","description_kind":"plain"}},"nutanixkps_vm_cloud_config":{"version":0,"block":{"attributes":{"cloud_fqdn":{"type":"string","description_kind":"plain","required":true},"id":{"type":"string","description_kind":"plain","optional":true,"computed":true},"public_ip_address":{"type":"string","description_kind":"plain","required":true}},"description_kind":"plain"}}},"data_source_schemas":{"nutanixkps_node":{"version":0,"block":{"attributes":{"description":{"type":"string","description_kind":"plain","optional":true,"computed":true},"gateway":{"type":"string","description_kind":"plain","optional":true,"computed":true},"id":{"type":"string","description_kind":"plain","optional":true,"computed":true},"ip_address":{"type":"string","description_kind":"plain","optional":true,"computed":true},"is_bootstrap_master":{"type":"bool","description_kind":"plain","optional":true,"computed":true},"name":{"type":"string","description_kind":"plain","optional":true,"computed":true},"node_id":{"type":"string","description_kind":"plain","optional":true},"node_name":{"type":"string","description_kind":"plain","optional":true},"serial_number":{"type":"string","description_kind":"plain","required":true},"service_domain_id":{"type":"string","description_kind":"plain","optional":true,"computed":true},"subnet":{"type":"string","description_kind":"plain","optional":true,"computed":true}},"block_types":{"role":{"nesting_mode":"list","block":{"attributes":{"master":{"type":"bool","description_kind":"plain","optional":true,"computed":true},"worker":{"type":"bool","description_kind":"plain","optional":true,"computed":true}},"description_kind":"plain"},"max_items":1}},"description":"Describes a Karbon Platform Services Service Domain Node. A Service Domain Node is the baremetal/virtual machine that is being managed by Karbon Platform Services.","description_kind":"plain"}},"nutanixkps_nodes":{"version":0,"block":{"attributes":{"id":{"type":"string","description_kind":"plain","optional":true,"computed":true},"nodes":{"type":["list",["object",{"description":"string","gateway":"string","ip_address":"string","is_bootstrap_master":"bool","name":"string","role":["list",["object",{"master":"bool","worker":"bool"}]],"serial_number":"string","service_domain_id":"string","subnet":"string"}]],"description_kind":"plain","computed":true}},"description_kind":"plain"}},"nutanixkps_serviceclass":{"version":0,"block":{"attributes":{"description":{"type":"string","description_kind":"plain","optional":true,"computed":true},"id":{"type":"string","description_kind":"plain","optional":true,"computed":true},"min_service_domain_version":{"type":"string","description_kind":"plain","optional":true,"computed":true},"name":{"type":"string","description_kind":"plain","optional":true,"computed":true},"service_class_id":{"type":"string","description_kind":"plain","optional":true},"service_class_name":{"type":"string","description_kind":"plain","optional":true},"service_version":{"type":"string","description_kind":"plain","optional":true,"computed":true},"state":{"type":"string","description_kind":"plain","optional":true,"computed":true},"type":{"type":"string","description_kind":"plain","optional":true,"computed":true}},"block_types":{"tags":{"nesting_mode":"list","block":{"attributes":{"name":{"type":"string","description_kind":"plain","optional":true,"computed":true},"value":{"type":"string","description_kind":"plain","optional":true,"computed":true}},"description_kind":"plain"}}},"description":"Describes a Karbon Platform Services Service Class.","description_kind":"plain"}},"nutanixkps_serviceclasses":{"version":0,"block":{"attributes":{"id":{"type":"string","description_kind":"plain","optional":true,"computed":true},"service_classes":{"type":["list",["object",{"description":"string","min_service_domain_version":"string","name":"string","service_version":"string","state":"string","tags":["list",["object",{"name":"string","value":"string"}]],"type":"string"}]],"description_kind":"plain","computed":true}},"description_kind":"plain"}},"nutanixkps_servicedomains":{"version":0,"block":{"attributes":{"id":{"type":"string","description_kind":"plain","optional":true,"computed":true},"servicedomains":{"type":["list",["object",{"description":"string","id":"string","name":"string"}]],"description_kind":"plain","computed":true}},"description":"Describes a Nutanix KPS Service Domain.","description_kind":"plain"}},"nutanixkps_user":{"version":0,"block":{"attributes":{"email":{"type":"string","description_kind":"plain","optional":true,"computed":true},"id":{"type":"string","description_kind":"plain","optional":true,"computed":true},"name":{"type":"string","description_kind":"plain","optional":true,"computed":true},"role":{"type":"string","description_kind":"plain","optional":true,"computed":true},"user_id":{"type":"string","description_kind":"plain","optional":true},"user_name":{"type":"string","description_kind":"plain","optional":true}},"description":"Describes a Karbon Platform Services User.","description_kind":"plain"}},"nutanixkps_users":{"version":0,"block":{"attributes":{"id":{"type":"string","description_kind":"plain","optional":true,"computed":true},"users":{"type":["list",["object",{"email":"string","name":"string","role":"string"}]],"description_kind":"plain","computed":true}},"description_kind":"plain"}},"nutanixkps_vm_config":{"version":0,"block":{"attributes":{"id":{"type":"string","description_kind":"plain","optional":true,"computed":true},"public_ip_address":{"type":"string","description_kind":"plain","required":true},"serial_number":{"type":"string","description_kind":"plain","optional":true,"computed":true}},"description":"Describes a Karbon Platform Services Virtual Machine.","description_kind":"plain"}}}}}}
