{"format_version":"0.2","provider_schemas":{"registry.terraform.io/onelogin/onelogin":{"provider":{"version":0,"block":{"attributes":{"client_id":{"type":"string","description_kind":"plain","required":true},"client_secret":{"type":"string","description_kind":"plain","required":true},"region":{"type":"string","description_kind":"plain","optional":true},"url":{"type":"string","description_kind":"plain","optional":true}},"description_kind":"plain"}},"resource_schemas":{"onelogin_app_role_attachments":{"version":0,"block":{"attributes":{"app_id":{"type":"number","description_kind":"plain","required":true},"id":{"type":"string","description_kind":"plain","optional":true,"computed":true},"role_id":{"type":"number","description_kind":"plain","required":true}},"description_kind":"plain"}},"onelogin_app_rules":{"version":0,"block":{"attributes":{"app_id":{"type":"string","description_kind":"plain","required":true},"enabled":{"type":"bool","description_kind":"plain","optional":true},"id":{"type":"string","description_kind":"plain","optional":true,"computed":true},"match":{"type":"string","description_kind":"plain","required":true},"name":{"type":"string","description_kind":"plain","required":true},"position":{"type":"number","description_kind":"plain","optional":true,"computed":true}},"block_types":{"actions":{"nesting_mode":"list","block":{"attributes":{"action":{"type":"string","description_kind":"plain","required":true},"expression":{"type":"string","description_kind":"plain","required":true},"value":{"type":["list","string"],"description_kind":"plain","required":true}},"description_kind":"plain"}},"conditions":{"nesting_mode":"list","block":{"attributes":{"operator":{"type":"string","description_kind":"plain","required":true},"source":{"type":"string","description_kind":"plain","required":true},"value":{"type":"string","description_kind":"plain","required":true}},"description_kind":"plain"}}},"description_kind":"plain"}},"onelogin_apps":{"version":0,"block":{"attributes":{"allow_assumed_signin":{"type":"bool","description_kind":"plain","optional":true},"auth_method":{"type":"number","description_kind":"plain","computed":true},"brand_id":{"type":"number","description_kind":"plain","optional":true},"connector_id":{"type":"number","description_kind":"plain","required":true},"created_at":{"type":"string","description_kind":"plain","computed":true},"description":{"type":"string","description_kind":"plain","optional":true},"icon_url":{"type":"string","description_kind":"plain","computed":true},"id":{"type":"string","description_kind":"plain","optional":true,"computed":true},"name":{"type":"string","description_kind":"plain","required":true},"notes":{"type":"string","description_kind":"plain","optional":true},"policy_id":{"type":"number","description_kind":"plain","computed":true},"provisioning":{"type":["map","bool"],"description_kind":"plain","optional":true,"computed":true},"tab_id":{"type":"number","description_kind":"plain","computed":true},"updated_at":{"type":"string","description_kind":"plain","computed":true},"visible":{"type":"bool","description_kind":"plain","optional":true}},"block_types":{"parameters":{"nesting_mode":"set","block":{"attributes":{"attributes_transformations":{"type":"string","description_kind":"plain","optional":true,"computed":true},"default_values":{"type":"string","description_kind":"plain","optional":true,"computed":true},"include_in_saml_assertion":{"type":"bool","description_kind":"plain","optional":true,"computed":true},"label":{"type":"string","description_kind":"plain","optional":true,"computed":true},"param_id":{"type":"number","description_kind":"plain","computed":true},"param_key_name":{"type":"string","description_kind":"plain","required":true},"provisioned_entitlements":{"type":"bool","description_kind":"plain","optional":true,"computed":true},"safe_entitlements_enabled":{"type":"bool","description_kind":"plain","optional":true,"computed":true},"skip_if_blank":{"type":"bool","description_kind":"plain","optional":true,"computed":true},"user_attribute_macros":{"type":"string","description_kind":"plain","optional":true,"computed":true},"user_attribute_mappings":{"type":"string","description_kind":"plain","optional":true,"computed":true},"values":{"type":"string","description_kind":"plain","optional":true,"computed":true}},"description_kind":"plain"}}},"description_kind":"plain"}},"onelogin_auth_servers":{"version":0,"block":{"attributes":{"description":{"type":"string","description_kind":"plain","required":true},"id":{"type":"string","description_kind":"plain","optional":true,"computed":true},"name":{"type":"string","description_kind":"plain","required":true}},"block_types":{"configuration":{"nesting_mode":"list","block":{"attributes":{"access_token_expiration_minutes":{"type":"number","description_kind":"plain","optional":true,"computed":true},"audiences":{"type":["list","string"],"description_kind":"plain","required":true},"refresh_token_expiration_minutes":{"type":"number","description_kind":"plain","optional":true,"computed":true},"resource_identifier":{"type":"string","description_kind":"plain","required":true}},"description_kind":"plain"},"min_items":1,"max_items":1}},"description_kind":"plain"}},"onelogin_oidc_apps":{"version":0,"block":{"attributes":{"allow_assumed_signin":{"type":"bool","description_kind":"plain","optional":true},"auth_method":{"type":"number","description_kind":"plain","computed":true},"brand_id":{"type":"number","description_kind":"plain","optional":true},"configuration":{"type":["map","string"],"description_kind":"plain","optional":true},"connector_id":{"type":"number","description_kind":"plain","required":true},"created_at":{"type":"string","description_kind":"plain","computed":true},"description":{"type":"string","description_kind":"plain","optional":true},"icon_url":{"type":"string","description_kind":"plain","computed":true},"id":{"type":"string","description_kind":"plain","optional":true,"computed":true},"name":{"type":"string","description_kind":"plain","required":true},"notes":{"type":"string","description_kind":"plain","optional":true},"policy_id":{"type":"number","description_kind":"plain","computed":true},"provisioning":{"type":["map","bool"],"description_kind":"plain","optional":true,"computed":true},"sso":{"type":["map","string"],"description_kind":"plain","computed":true,"sensitive":true},"tab_id":{"type":"number","description_kind":"plain","computed":true},"updated_at":{"type":"string","description_kind":"plain","computed":true},"visible":{"type":"bool","description_kind":"plain","optional":true}},"block_types":{"parameters":{"nesting_mode":"set","block":{"attributes":{"attributes_transformations":{"type":"string","description_kind":"plain","optional":true,"computed":true},"default_values":{"type":"string","description_kind":"plain","optional":true,"computed":true},"include_in_saml_assertion":{"type":"bool","description_kind":"plain","optional":true,"computed":true},"label":{"type":"string","description_kind":"plain","optional":true,"computed":true},"param_id":{"type":"number","description_kind":"plain","computed":true},"param_key_name":{"type":"string","description_kind":"plain","required":true},"provisioned_entitlements":{"type":"bool","description_kind":"plain","optional":true,"computed":true},"safe_entitlements_enabled":{"type":"bool","description_kind":"plain","optional":true,"computed":true},"skip_if_blank":{"type":"bool","description_kind":"plain","optional":true,"computed":true},"user_attribute_macros":{"type":"string","description_kind":"plain","optional":true,"computed":true},"user_attribute_mappings":{"type":"string","description_kind":"plain","optional":true,"computed":true},"values":{"type":"string","description_kind":"plain","optional":true,"computed":true}},"description_kind":"plain"}}},"description_kind":"plain"}},"onelogin_roles":{"version":0,"block":{"attributes":{"admins":{"type":["set","number"],"description_kind":"plain","optional":true},"apps":{"type":["set","number"],"description_kind":"plain","optional":true},"id":{"type":"string","description_kind":"plain","optional":true,"computed":true},"name":{"type":"string","description_kind":"plain","required":true},"users":{"type":["set","number"],"description_kind":"plain","optional":true}},"description_kind":"plain"}},"onelogin_saml_apps":{"version":0,"block":{"attributes":{"allow_assumed_signin":{"type":"bool","description_kind":"plain","optional":true},"auth_method":{"type":"number","description_kind":"plain","computed":true},"brand_id":{"type":"number","description_kind":"plain","optional":true},"certificate":{"type":["map","string"],"description_kind":"plain","computed":true},"configuration":{"type":["map","string"],"description_kind":"plain","optional":true},"connector_id":{"type":"number","description_kind":"plain","required":true},"created_at":{"type":"string","description_kind":"plain","computed":true},"description":{"type":"string","description_kind":"plain","optional":true},"icon_url":{"type":"string","description_kind":"plain","computed":true},"id":{"type":"string","description_kind":"plain","optional":true,"computed":true},"name":{"type":"string","description_kind":"plain","required":true},"notes":{"type":"string","description_kind":"plain","optional":true},"policy_id":{"type":"number","description_kind":"plain","computed":true},"provisioning":{"type":["map","bool"],"description_kind":"plain","optional":true,"computed":true},"sso":{"type":["map","string"],"description_kind":"plain","computed":true},"tab_id":{"type":"number","description_kind":"plain","computed":true},"updated_at":{"type":"string","description_kind":"plain","computed":true},"visible":{"type":"bool","description_kind":"plain","optional":true}},"block_types":{"parameters":{"nesting_mode":"set","block":{"attributes":{"attributes_transformations":{"type":"string","description_kind":"plain","optional":true,"computed":true},"default_values":{"type":"string","description_kind":"plain","optional":true,"computed":true},"include_in_saml_assertion":{"type":"bool","description_kind":"plain","optional":true,"computed":true},"label":{"type":"string","description_kind":"plain","optional":true,"computed":true},"param_id":{"type":"number","description_kind":"plain","computed":true},"param_key_name":{"type":"string","description_kind":"plain","required":true},"provisioned_entitlements":{"type":"bool","description_kind":"plain","optional":true,"computed":true},"safe_entitlements_enabled":{"type":"bool","description_kind":"plain","optional":true,"computed":true},"skip_if_blank":{"type":"bool","description_kind":"plain","optional":true,"computed":true},"user_attribute_macros":{"type":"string","description_kind":"plain","optional":true,"computed":true},"user_attribute_mappings":{"type":"string","description_kind":"plain","optional":true,"computed":true},"values":{"type":"string","description_kind":"plain","optional":true,"computed":true}},"description_kind":"plain"}}},"description_kind":"plain"}},"onelogin_user_mappings":{"version":0,"block":{"attributes":{"enabled":{"type":"bool","description_kind":"plain","optional":true},"id":{"type":"string","description_kind":"plain","optional":true,"computed":true},"match":{"type":"string","description_kind":"plain","required":true},"name":{"type":"string","description_kind":"plain","required":true},"position":{"type":"number","description_kind":"plain","required":true}},"block_types":{"actions":{"nesting_mode":"list","block":{"attributes":{"action":{"type":"string","description_kind":"plain","required":true},"value":{"type":["list","string"],"description_kind":"plain","required":true}},"description_kind":"plain"}},"conditions":{"nesting_mode":"list","block":{"attributes":{"operator":{"type":"string","description_kind":"plain","required":true},"source":{"type":"string","description_kind":"plain","required":true},"value":{"type":"string","description_kind":"plain","required":true}},"description_kind":"plain"}}},"description_kind":"plain"}},"onelogin_users":{"version":0,"block":{"attributes":{"comment":{"type":"string","description_kind":"plain","optional":true},"company":{"type":"string","description_kind":"plain","optional":true},"department":{"type":"string","description_kind":"plain","optional":true},"directory_id":{"type":"number","description_kind":"plain","optional":true,"computed":true},"distinguished_name":{"type":"string","description_kind":"plain","optional":true},"email":{"type":"string","description_kind":"plain","required":true},"external_id":{"type":"number","description_kind":"plain","optional":true,"computed":true},"firstname":{"type":"string","description_kind":"plain","optional":true},"group_id":{"type":"number","description_kind":"plain","optional":true,"computed":true},"id":{"type":"string","description_kind":"plain","optional":true,"computed":true},"lastname":{"type":"string","description_kind":"plain","optional":true},"manager_ad_id":{"type":"number","description_kind":"plain","optional":true,"computed":true},"manager_user_id":{"type":"number","description_kind":"plain","optional":true,"computed":true},"member_of":{"type":"string","description_kind":"plain","optional":true},"phone":{"type":"string","description_kind":"plain","optional":true},"samaccountname":{"type":"string","description_kind":"plain","optional":true},"state":{"type":"number","description_kind":"plain","optional":true,"computed":true},"status":{"type":"number","description_kind":"plain","optional":true,"computed":true},"title":{"type":"string","description_kind":"plain","optional":true},"trusted_idp_id":{"type":"number","description_kind":"plain","optional":true,"computed":true},"username":{"type":"string","description_kind":"plain","required":true},"userprincipalname":{"type":"string","description_kind":"plain","optional":true}},"description_kind":"plain"}}}}}}
