{"format_version":"0.2","provider_schemas":{"registry.terraform.io/opennebula/opennebula":{"provider":{"version":0,"block":{"attributes":{"endpoint":{"type":"string","description":"The URL to your public or private OpenNebula","description_kind":"plain","required":true},"flow_endpoint":{"type":"string","description":"The URL to your public or private OpenNebula Flow server","description_kind":"plain","optional":true},"password":{"type":"string","description":"The password for the user","description_kind":"plain","required":true},"username":{"type":"string","description":"The ID of the user to identify as","description_kind":"plain","required":true}},"description_kind":"plain"}},"resource_schemas":{"opennebula_acl":{"version":0,"block":{"attributes":{"id":{"type":"string","description_kind":"plain","optional":true,"computed":true},"resource":{"type":"string","description":"Resource component of the new rule. ACL String Syntax is expected.","description_kind":"plain","required":true},"rights":{"type":"string","description":"Rights component of the new rule. ACL String Syntax is expected.","description_kind":"plain","required":true},"user":{"type":"string","description":"User component of the new rule. ACL String Syntax is expected.","description_kind":"plain","required":true}},"description_kind":"plain"}},"opennebula_group":{"version":0,"block":{"attributes":{"admins":{"type":["list","number"],"description":"List of Admin user IDs part of the group","description_kind":"plain","optional":true,"computed":true},"delete_on_destruction":{"type":"bool","description":"Flag to delete group on destruction, by default it is set to false","description_kind":"plain","optional":true},"id":{"type":"string","description_kind":"plain","optional":true,"computed":true},"name":{"type":"string","description":"Name of the Group","description_kind":"plain","required":true},"template":{"type":"string","description":"Group template content, in OpenNebula XML or String format","description_kind":"plain","required":true},"users":{"type":["list","number"],"description":"List of user IDs part of the group","description_kind":"plain","optional":true,"computed":true}},"block_types":{"quotas":{"nesting_mode":"set","block":{"block_types":{"datastore_quotas":{"nesting_mode":"list","block":{"attributes":{"id":{"type":"number","description":"Datastore ID","description_kind":"plain","required":true},"images":{"type":"number","description":"Maximum number of Images allowed (default: default quota)","description_kind":"plain","optional":true},"size":{"type":"number","description":"Maximum size in MB allowed on the datastore (default: default quota)","description_kind":"plain","optional":true}},"description_kind":"plain"}},"image_quotas":{"nesting_mode":"list","block":{"attributes":{"id":{"type":"number","description":"Image ID","description_kind":"plain","required":true},"running_vms":{"type":"number","description":"Maximum number of Running VMs allowed for this image (default: default quota)","description_kind":"plain","optional":true}},"description_kind":"plain"}},"network_quotas":{"nesting_mode":"list","block":{"attributes":{"id":{"type":"number","description":"Network ID","description_kind":"plain","required":true},"leases":{"type":"number","description":"Maximum number of Leases allowed for this network (default: default quota)","description_kind":"plain","optional":true}},"description_kind":"plain"}},"vm_quotas":{"nesting_mode":"set","block":{"attributes":{"cpu":{"type":"number","description":"Maximum number of CPU allowed (default: default quota)","description_kind":"plain","optional":true},"memory":{"type":"number","description":"Maximum Memory (MB) allowed (default: default quota)","description_kind":"plain","optional":true},"running_cpu":{"type":"number","description":"Maximum number of 'running' CPUs allowed (default: default quota)","description_kind":"plain","optional":true},"running_memory":{"type":"number","description":"'Running' Memory (MB) allowed (default: default quota)","description_kind":"plain","optional":true},"running_vms":{"type":"number","description":"Maximum number of Running VMs allowed (default: default quota)","description_kind":"plain","optional":true},"system_disk_size":{"type":"number","description":"Maximum System Disk size (MB) allowed (default: default quota)","description_kind":"plain","optional":true},"vms":{"type":"number","description":"Maximum number of VMs allowed (default: default quota)","description_kind":"plain","optional":true}},"description_kind":"plain"}}},"description_kind":"plain"}}},"description_kind":"plain"}},"opennebula_image":{"version":0,"block":{"attributes":{"clone_from_image":{"type":"string","description":"ID or name of the Image to be cloned from","description_kind":"plain","optional":true},"datastore_id":{"type":"number","description":"ID of the datastore where Image will be stored","description_kind":"plain","required":true},"description":{"type":"string","description":"Description of the Image, in OpenNebula's XML or String format","description_kind":"plain","optional":true,"computed":true},"dev_prefix":{"type":"string","description":"Device prefix, normally one of: hd, sd, vd","description_kind":"plain","optional":true,"computed":true},"driver":{"type":"string","description":"Driver to use, normally 'raw' or 'qcow2'","description_kind":"plain","optional":true,"computed":true},"format":{"type":"string","description":"Image format, normally 'raw' or 'qcow2'","description_kind":"plain","optional":true,"computed":true},"gid":{"type":"number","description":"ID of the group that will own the Image","description_kind":"plain","computed":true},"gname":{"type":"string","description":"Name of the group that will own the Image","description_kind":"plain","computed":true},"group":{"type":"string","description":"Name of the Group that onws the Image, If empty, it uses caller group","description_kind":"plain","optional":true},"id":{"type":"string","description_kind":"plain","optional":true,"computed":true},"lock":{"type":"string","description":"Lock level of the new Image: USE, MANAGE, ADMIN, ALL, UNLOCK","description_kind":"plain","optional":true,"computed":true},"name":{"type":"string","description":"Name of the Image","description_kind":"plain","required":true},"path":{"type":"string","description":"Path to the new image (local path on the OpenNebula server or URL)","description_kind":"plain","optional":true,"computed":true},"permissions":{"type":"string","description":"Permissions for the Image (in Unix format, owner-group-other, use-manage-admin)","description_kind":"plain","optional":true,"computed":true},"persistent":{"type":"bool","description":"Flag which indicates if the Image has to be persistent","description_kind":"plain","optional":true},"size":{"type":"number","description":"Size of the new image in MB","description_kind":"plain","optional":true,"computed":true},"tags":{"type":["map","string"],"description":"Add custom tags to the resource","description_kind":"plain","optional":true},"target":{"type":"string","description":"Device target, example: vda","description_kind":"plain","optional":true,"computed":true},"timeout":{"type":"number","description":"Timeout (in minutes) within resource should be available. Default: 10 minutes","description_kind":"plain","optional":true},"type":{"type":"string","description":"Type of the new Image: OS, CDROM, DATABLOCK, KERNEL, RAMDISK, CONTEXT","description_kind":"plain","optional":true,"computed":true},"uid":{"type":"number","description":"ID of the user that will own the Image","description_kind":"plain","computed":true},"uname":{"type":"string","description":"Name of the user that will own the Image","description_kind":"plain","computed":true}},"description_kind":"plain"}},"opennebula_security_group":{"version":0,"block":{"attributes":{"commit":{"type":"bool","description":"Should changes to the Security Group rules be commited to running Virtual Machines?","description_kind":"plain","optional":true},"description":{"type":"string","description":"Description of the Security Group Rule Set","description_kind":"plain","optional":true,"computed":true},"gid":{"type":"number","description":"ID of the group that will own the Security Group","description_kind":"plain","computed":true},"gname":{"type":"string","description":"Name of the group that will own the Security Group","description_kind":"plain","computed":true},"group":{"type":"string","description":"Name of the Group that onws the Security Group, If empty, it uses caller group","description_kind":"plain","optional":true},"id":{"type":"string","description_kind":"plain","optional":true,"computed":true},"name":{"type":"string","description":"Name of the Security Group","description_kind":"plain","required":true},"permissions":{"type":"string","description":"Permissions for the Security Group (in Unix format, owner-group-other, use-manage-admin)","description_kind":"plain","optional":true,"computed":true},"tags":{"type":["map","string"],"description":"Add custom tags to the resource","description_kind":"plain","optional":true},"uid":{"type":"number","description":"ID of the user that will own the Security Group","description_kind":"plain","computed":true},"uname":{"type":"string","description":"Name of the user that will own the Security Group","description_kind":"plain","computed":true}},"block_types":{"rule":{"nesting_mode":"list","block":{"attributes":{"icmp_type":{"type":"string","description":"Type of ICMP traffic to apply to when 'protocol' is ICMP","description_kind":"plain","optional":true,"computed":true},"ip":{"type":"string","description":"IP (or starting IP if used with 'size') to apply the rule to","description_kind":"plain","optional":true,"computed":true},"network_id":{"type":"string","description":"VNET ID to be used as the source/destination IP addresses","description_kind":"plain","optional":true,"computed":true},"protocol":{"type":"string","description":"Protocol for the rule, must be one of: ALL, TCP, UDP, ICMP or IPSEC","description_kind":"plain","required":true},"range":{"type":"string","description":"Comma separated list of ports and port ranges","description_kind":"plain","optional":true,"computed":true},"rule_type":{"type":"string","description":"Direction of the traffic flow to allow, must be INBOUND or OUTBOUND","description_kind":"plain","required":true},"size":{"type":"string","description":"Number of IPs to apply the rule from, starting with 'ip'","description_kind":"plain","optional":true,"computed":true}},"description_kind":"plain"},"min_items":1}},"description_kind":"plain"}},"opennebula_service":{"version":0,"block":{"attributes":{"extra_template":{"type":"string","description":"Extra template information in json format to be added to the service template during instantiate.","description_kind":"plain","optional":true},"gid":{"type":"number","description":"ID of the group that will own the Service","description_kind":"plain","optional":true,"computed":true},"gname":{"type":"string","description":"Name of the group that will own the Service","description_kind":"plain","optional":true,"computed":true},"id":{"type":"string","description_kind":"plain","optional":true,"computed":true},"name":{"type":"string","description":"Name of the Service","description_kind":"plain","optional":true,"computed":true},"networks":{"type":["map","number"],"description":"Map with the service networks names as key and id as value","description_kind":"plain","computed":true},"permissions":{"type":"string","description":"Permissions for the service (in Unix format, owner-group-other, use-manage-admin)","description_kind":"plain","optional":true,"computed":true},"roles":{"type":["list",["object",{"cardinality":"number","name":"string","nodes":["list","number"],"state":"number"}]],"description":"Map with the role dinamically generated information","description_kind":"plain","computed":true},"state":{"type":"number","description":"Current state of the Service","description_kind":"plain","computed":true},"template_id":{"type":"number","description":"Id of the Service template to use","description_kind":"plain","required":true},"uid":{"type":"number","description":"ID of the user that will own the Service","description_kind":"plain","optional":true,"computed":true},"uname":{"type":"string","description":"Name of the user that will own the Service","description_kind":"plain","optional":true,"computed":true}},"description_kind":"plain"}},"opennebula_service_template":{"version":0,"block":{"attributes":{"gid":{"type":"number","description":"ID of the group that will own the Service Template","description_kind":"plain","optional":true,"computed":true},"gname":{"type":"string","description":"Name of the group that will own the Service Template","description_kind":"plain","optional":true,"computed":true},"id":{"type":"string","description_kind":"plain","optional":true,"computed":true},"name":{"type":"string","description":"Name of the Service Template","description_kind":"plain","optional":true,"computed":true},"permissions":{"type":"string","description":"Permissions for the Service Template (in Unix format, owner-group-other, use-manage-admin)","description_kind":"plain","optional":true,"computed":true},"template":{"type":"string","description":"Service Template body in json format","description_kind":"plain","required":true},"uid":{"type":"number","description":"ID of the user that will own the Service Template","description_kind":"plain","optional":true,"computed":true},"uname":{"type":"string","description":"Name of the user that will own the Service Template","description_kind":"plain","optional":true,"computed":true}},"description_kind":"plain"}},"opennebula_template":{"version":0,"block":{"attributes":{"context":{"type":["map","string"],"description":"Context variables","description_kind":"plain","optional":true},"cpu":{"type":"number","description":"Amount of CPU quota assigned to the virtual machine","description_kind":"plain","optional":true,"computed":true},"gid":{"type":"number","description":"ID of the group that will own the template","description_kind":"plain","computed":true},"gname":{"type":"string","description":"Name of the group that will own the template","description_kind":"plain","computed":true},"group":{"type":"string","description":"Name of the Group that onws the Template, If empty, it uses caller group","description_kind":"plain","optional":true},"id":{"type":"string","description_kind":"plain","optional":true,"computed":true},"memory":{"type":"number","description":"Amount of memory (RAM) in MB assigned to the virtual machine","description_kind":"plain","optional":true,"computed":true},"name":{"type":"string","description":"Name of the template","description_kind":"plain","required":true},"permissions":{"type":"string","description":"Permissions for the template (in Unix format, owner-group-other, use-manage-admin)","description_kind":"plain","optional":true,"computed":true},"reg_time":{"type":"number","description":"Registration time","description_kind":"plain","computed":true},"tags":{"type":["map","string"],"description":"Add custom tags to the resource","description_kind":"plain","optional":true},"template":{"type":"string","description":"Description of the template, in OpenNebula's XML or String format","description_kind":"plain","optional":true,"computed":true},"uid":{"type":"number","description":"ID of the user that will own the template","description_kind":"plain","computed":true},"uname":{"type":"string","description":"Name of the user that will own the template","description_kind":"plain","computed":true},"vcpu":{"type":"number","description":"Number of virtual CPUs assigned to the virtual machine","description_kind":"plain","optional":true,"computed":true}},"block_types":{"disk":{"nesting_mode":"list","block":{"attributes":{"driver":{"type":"string","description_kind":"plain","optional":true},"image_id":{"type":"number","description":"Image Id  of the image to attach to the VM. Defaults to -1: no image attached.","description_kind":"plain","optional":true},"size":{"type":"number","description_kind":"plain","optional":true},"target":{"type":"string","description_kind":"plain","optional":true}},"description_kind":"plain"}},"graphics":{"nesting_mode":"list","block":{"attributes":{"keymap":{"type":"string","description_kind":"plain","optional":true},"listen":{"type":"string","description_kind":"plain","required":true},"port":{"type":"string","description_kind":"plain","optional":true,"computed":true},"type":{"type":"string","description_kind":"plain","required":true}},"description_kind":"plain"},"max_items":1},"nic":{"nesting_mode":"list","block":{"attributes":{"ip":{"type":"string","description_kind":"plain","optional":true},"mac":{"type":"string","description_kind":"plain","optional":true},"model":{"type":"string","description_kind":"plain","optional":true},"network":{"type":"string","description_kind":"plain","computed":true},"network_id":{"type":"number","description_kind":"plain","required":true},"physical_device":{"type":"string","description_kind":"plain","optional":true},"security_groups":{"type":["list","number"],"description_kind":"plain","optional":true}},"description_kind":"plain"}},"os":{"nesting_mode":"list","block":{"attributes":{"arch":{"type":"string","description_kind":"plain","required":true},"boot":{"type":"string","description_kind":"plain","required":true}},"description_kind":"plain"},"max_items":1},"vmgroup":{"nesting_mode":"list","block":{"attributes":{"role":{"type":"string","description_kind":"plain","required":true},"vmgroup_id":{"type":"number","description_kind":"plain","required":true}},"description_kind":"plain"},"max_items":1}},"description_kind":"plain"}},"opennebula_user":{"version":0,"block":{"attributes":{"auth_driver":{"type":"string","description":"Authentication driver. Select between: core, public, ssh, x509, ldap, server_cipher, server_x509 and custom. Defaults to 'core'.","description_kind":"plain","optional":true},"groups":{"type":["list","number"],"description":"List of group IDs to add to the user","description_kind":"plain","optional":true},"id":{"type":"string","description_kind":"plain","optional":true,"computed":true},"name":{"type":"string","description":"Name of the User","description_kind":"plain","required":true},"password":{"type":"string","description":"Password of the User. Required for all `auth_driver` options excepted 'ldap'","description_kind":"plain","optional":true},"primary_group":{"type":"number","description":"Primary (Default) Group ID of the user. Defaults to 0","description_kind":"plain","optional":true}},"block_types":{"quotas":{"nesting_mode":"set","block":{"block_types":{"datastore_quotas":{"nesting_mode":"list","block":{"attributes":{"id":{"type":"number","description":"Datastore ID","description_kind":"plain","required":true},"images":{"type":"number","description":"Maximum number of Images allowed (default: default quota)","description_kind":"plain","optional":true},"size":{"type":"number","description":"Maximum size in MB allowed on the datastore (default: default quota)","description_kind":"plain","optional":true}},"description_kind":"plain"}},"image_quotas":{"nesting_mode":"list","block":{"attributes":{"id":{"type":"number","description":"Image ID","description_kind":"plain","required":true},"running_vms":{"type":"number","description":"Maximum number of Running VMs allowed for this image (default: default quota)","description_kind":"plain","optional":true}},"description_kind":"plain"}},"network_quotas":{"nesting_mode":"list","block":{"attributes":{"id":{"type":"number","description":"Network ID","description_kind":"plain","required":true},"leases":{"type":"number","description":"Maximum number of Leases allowed for this network (default: default quota)","description_kind":"plain","optional":true}},"description_kind":"plain"}},"vm_quotas":{"nesting_mode":"set","block":{"attributes":{"cpu":{"type":"number","description":"Maximum number of CPU allowed (default: default quota)","description_kind":"plain","optional":true},"memory":{"type":"number","description":"Maximum Memory (MB) allowed (default: default quota)","description_kind":"plain","optional":true},"running_cpu":{"type":"number","description":"Maximum number of 'running' CPUs allowed (default: default quota)","description_kind":"plain","optional":true},"running_memory":{"type":"number","description":"'Running' Memory (MB) allowed (default: default quota)","description_kind":"plain","optional":true},"running_vms":{"type":"number","description":"Maximum number of Running VMs allowed (default: default quota)","description_kind":"plain","optional":true},"system_disk_size":{"type":"number","description":"Maximum System Disk size (MB) allowed (default: default quota)","description_kind":"plain","optional":true},"vms":{"type":"number","description":"Maximum number of VMs allowed (default: default quota)","description_kind":"plain","optional":true}},"description_kind":"plain"}}},"description_kind":"plain"}}},"description_kind":"plain"}},"opennebula_virtual_data_center":{"version":0,"block":{"attributes":{"group_ids":{"type":["list","number"],"description":"List of Group IDs to be added into the VDC","description_kind":"plain","optional":true,"computed":true},"id":{"type":"string","description_kind":"plain","optional":true,"computed":true},"name":{"type":"string","description":"Name of the VDC","description_kind":"plain","required":true}},"block_types":{"zones":{"nesting_mode":"set","block":{"attributes":{"cluster_ids":{"type":["list","number"],"description":"List of cluster IDs from the Zone to add in the VDC","description_kind":"plain","optional":true,"computed":true},"datastore_ids":{"type":["list","number"],"description":"List of Datastore IDs from the Zone to add in the VDC","description_kind":"plain","optional":true,"computed":true},"host_ids":{"type":["list","number"],"description":"List of Host IDs from the Zone to add in the VDC","description_kind":"plain","optional":true,"computed":true},"id":{"type":"number","description":"Resources Zone ID (default: 0)","description_kind":"plain","optional":true},"vnet_ids":{"type":["list","number"],"description":"List of VNET IDs from the Zone to add in the VDC","description_kind":"plain","optional":true,"computed":true}},"description_kind":"plain"}}},"description_kind":"plain"}},"opennebula_virtual_machine":{"version":0,"block":{"attributes":{"context":{"type":["map","string"],"description":"Context variables","description_kind":"plain","optional":true},"cpu":{"type":"number","description":"Amount of CPU quota assigned to the virtual machine","description_kind":"plain","optional":true,"computed":true},"gid":{"type":"number","description":"ID of the group that will own the VM","description_kind":"plain","computed":true},"gname":{"type":"string","description":"Name of the group that will own the VM","description_kind":"plain","computed":true},"group":{"type":"string","description":"Name of the Group that onws the VM, If empty, it uses caller group","description_kind":"plain","optional":true},"id":{"type":"string","description_kind":"plain","optional":true,"computed":true},"instance":{"type":"string","description":"Final name of the VM instance","description_kind":"plain","computed":true},"ip":{"type":"string","description":"Primary IP address assigned by OpenNebula","description_kind":"plain","computed":true},"lcmstate":{"type":"number","description":"Current LCM state of the VM","description_kind":"plain","computed":true},"memory":{"type":"number","description":"Amount of memory (RAM) in MB assigned to the virtual machine","description_kind":"plain","optional":true,"computed":true},"name":{"type":"string","description":"Name of the VM. If empty, defaults to 'templatename-\u003cvmid\u003e'","description_kind":"plain","optional":true,"computed":true},"pending":{"type":"bool","description":"Pending state of the VM during its creation, by default it is set to false","description_kind":"plain","optional":true},"permissions":{"type":"string","description":"Permissions for the template (in Unix format, owner-group-other, use-manage-admin)","description_kind":"plain","optional":true,"computed":true},"state":{"type":"number","description":"Current state of the VM","description_kind":"plain","computed":true},"tags":{"type":["map","string"],"description":"Add custom tags to the resource","description_kind":"plain","optional":true},"template_id":{"type":"number","description":"Id of the VM template to use. Defaults to -1: no template used.","description_kind":"plain","optional":true},"timeout":{"type":"number","description":"Timeout (in minutes) within resource should be available. Default: 3 minutes","description_kind":"plain","optional":true},"uid":{"type":"number","description":"ID of the user that will own the VM","description_kind":"plain","computed":true},"uname":{"type":"string","description":"Name of the user that will own the VM","description_kind":"plain","computed":true},"vcpu":{"type":"number","description":"Number of virtual CPUs assigned to the virtual machine","description_kind":"plain","optional":true,"computed":true}},"block_types":{"disk":{"nesting_mode":"list","block":{"attributes":{"computed_driver":{"type":"string","description_kind":"plain","computed":true},"computed_size":{"type":"number","description_kind":"plain","computed":true},"computed_target":{"type":"string","description_kind":"plain","computed":true},"disk_id":{"type":"number","description_kind":"plain","computed":true},"driver":{"type":"string","description_kind":"plain","optional":true},"image_id":{"type":"number","description":"Image Id  of the image to attach to the VM. Defaults to -1: no image attached.","description_kind":"plain","optional":true},"size":{"type":"number","description_kind":"plain","optional":true},"target":{"type":"string","description_kind":"plain","optional":true}},"description_kind":"plain"}},"graphics":{"nesting_mode":"list","block":{"attributes":{"keymap":{"type":"string","description_kind":"plain","optional":true},"listen":{"type":"string","description_kind":"plain","required":true},"port":{"type":"string","description_kind":"plain","optional":true,"computed":true},"type":{"type":"string","description_kind":"plain","required":true}},"description_kind":"plain"},"max_items":1},"nic":{"nesting_mode":"list","block":{"attributes":{"computed_ip":{"type":"string","description_kind":"plain","computed":true},"computed_mac":{"type":"string","description_kind":"plain","computed":true},"computed_model":{"type":"string","description_kind":"plain","computed":true},"computed_physical_device":{"type":"string","description_kind":"plain","computed":true},"computed_security_groups":{"type":["list","number"],"description_kind":"plain","computed":true},"ip":{"type":"string","description_kind":"plain","optional":true},"mac":{"type":"string","description_kind":"plain","optional":true},"model":{"type":"string","description_kind":"plain","optional":true},"network":{"type":"string","description_kind":"plain","computed":true},"network_id":{"type":"number","description_kind":"plain","required":true},"nic_id":{"type":"number","description_kind":"plain","computed":true},"physical_device":{"type":"string","description_kind":"plain","optional":true},"security_groups":{"type":["list","number"],"description_kind":"plain","optional":true}},"description_kind":"plain"}},"os":{"nesting_mode":"list","block":{"attributes":{"arch":{"type":"string","description_kind":"plain","required":true},"boot":{"type":"string","description_kind":"plain","required":true}},"description_kind":"plain"},"max_items":1},"vmgroup":{"nesting_mode":"list","block":{"attributes":{"role":{"type":"string","description_kind":"plain","required":true},"vmgroup_id":{"type":"number","description_kind":"plain","required":true}},"description_kind":"plain"},"max_items":1}},"description_kind":"plain"}},"opennebula_virtual_machine_group":{"version":0,"block":{"attributes":{"gid":{"type":"number","description":"ID of the group that will own the template vm group","description_kind":"plain","computed":true},"gname":{"type":"string","description":"Name of the group that will own the template vm group","description_kind":"plain","computed":true},"group":{"type":"string","description":"Name of the Group that onws the Template VM Group, If empty, it uses caller group","description_kind":"plain","optional":true},"id":{"type":"string","description_kind":"plain","optional":true,"computed":true},"name":{"type":"string","description":"Name of the template","description_kind":"plain","required":true},"permissions":{"type":"string","description":"Permissions for the template vm group (in Unix format, owner-group-other, use-manage-admin)","description_kind":"plain","optional":true,"computed":true},"tags":{"type":["map","string"],"description":"Add custom tags to the resource","description_kind":"plain","optional":true},"uid":{"type":"number","description":"ID of the user that will own the template vm group","description_kind":"plain","computed":true},"uname":{"type":"string","description":"Name of the user that will own the template vm group","description_kind":"plain","computed":true}},"block_types":{"role":{"nesting_mode":"list","block":{"attributes":{"host_affined":{"type":["list","number"],"description":"Host(s) where the VM should run","description_kind":"plain","optional":true,"computed":true},"host_anti_affined":{"type":["list","number"],"description":"Host(s) where the VM should not run","description_kind":"plain","optional":true,"computed":true},"id":{"type":"number","description_kind":"plain","computed":true},"name":{"type":"string","description_kind":"plain","required":true},"policy":{"type":"string","description_kind":"plain","optional":true,"computed":true},"vms":{"type":["list","number"],"description":"VMs using VM Group","description_kind":"plain","computed":true}},"description_kind":"plain"},"min_items":1}},"description_kind":"plain"}},"opennebula_virtual_network":{"version":0,"block":{"attributes":{"automatic_vlan_id":{"type":"bool","description":"If set, let OpenNebula to attribute VLAN ID","description_kind":"plain","optional":true,"computed":true},"bridge":{"type":"string","description":"Name of the bridge interface to which the vnet should be associated","description_kind":"plain","optional":true,"computed":true},"clusters":{"type":["list","number"],"description":"List of cluster IDs hosting the virtual Network, if not set it uses the default cluster","description_kind":"plain","optional":true,"computed":true},"description":{"type":"string","description":"Description of the vnet, in OpenNebula's XML or String format","description_kind":"plain","optional":true,"computed":true},"dns":{"type":"string","description":"DNS IP if necessary","description_kind":"plain","optional":true,"computed":true},"gateway":{"type":"string","description":"Gateway IP if necessary","description_kind":"plain","optional":true,"computed":true},"gid":{"type":"number","description":"ID of the group that will own the vnet","description_kind":"plain","computed":true},"gname":{"type":"string","description":"Name of the group that will own the vnet","description_kind":"plain","computed":true},"group":{"type":"string","description":"Name of the Group that onws the Virtual Network, If empty, it uses caller group","description_kind":"plain","optional":true},"guest_mtu":{"type":"number","description":"MTU of the Guest interface. Must be lower or equal to 'mtu' (defaut: 1500)","description_kind":"plain","optional":true},"hold_ips":{"type":["list","string"],"description":"List of IPs to be held the VNET","description_kind":"plain","optional":true},"hold_size":{"type":"number","description":"Carve a network reservation of this size from the reservation starting from `ip_hold`","description_kind":"plain","optional":true,"computed":true},"id":{"type":"string","description_kind":"plain","optional":true,"computed":true},"ip_hold":{"type":"string","description":"Start IP of the range to be held","description_kind":"plain","optional":true,"computed":true},"mtu":{"type":"number","description":"MTU of the vnet (defaut: 1500)","description_kind":"plain","optional":true},"name":{"type":"string","description":"Name of the vnet","description_kind":"plain","required":true},"network_mask":{"type":"string","description":"Network Mask","description_kind":"plain","optional":true,"computed":true},"permissions":{"type":"string","description":"Permissions for the vnet (in Unix format, owner-group-other, use-manage-admin)","description_kind":"plain","optional":true,"computed":true},"physical_device":{"type":"string","description":"Name of the physical device to which the vnet should be associated","description_kind":"plain","optional":true,"computed":true},"reservation_size":{"type":"number","description":"Reserve this many IPs from reservation_vnet","description_kind":"plain","optional":true,"computed":true},"reservation_vnet":{"type":"number","description":"Create a reservation from this VNET ID","description_kind":"plain","optional":true,"computed":true},"security_groups":{"type":["list","number"],"description":"List of Security Group IDs to be applied to the VNET","description_kind":"plain","optional":true,"computed":true},"tags":{"type":["map","string"],"description":"Add custom tags to the resource","description_kind":"plain","optional":true},"type":{"type":"string","description":"Type of the Virtual Network: dummy, bridge, fw, ebtables, 802.1Q, vxlan, ovswitch. Default is 'bridge'","description_kind":"plain","optional":true},"uid":{"type":"number","description":"ID of the user that will own the vnet","description_kind":"plain","computed":true},"uname":{"type":"string","description":"Name of the user that will own the vnet","description_kind":"plain","computed":true},"vlan_id":{"type":"string","description":"VLAN ID. Only if 'Type' is : 802.1Q, vxlan or ovswich and if 'automatic_vlan_id' is not set","description_kind":"plain","optional":true,"computed":true}},"block_types":{"ar":{"nesting_mode":"list","block":{"attributes":{"ar_type":{"type":"string","description":"Type of the Address Range: IP4, IP6. Default is 'IP4'","description_kind":"plain","optional":true},"global_prefix":{"type":"string","description":"Global prefix for IP6 or IP4_6","description_kind":"plain","optional":true,"computed":true},"ip4":{"type":"string","description":"Start IPv4 of the range to be allocated (Required if IP4 or IP4_6).","description_kind":"plain","optional":true,"computed":true},"ip6":{"type":"string","description":"Start IPv6 of the range to be allocated (Required if IP6_STATIC or IP4_6_STATIC)","description_kind":"plain","optional":true,"computed":true},"mac":{"type":"string","description":"Start MAC of the range to be allocated","description_kind":"plain","optional":true,"computed":true},"prefix_length":{"type":"string","description":"Prefix lenght Only needed for IP6_STATIC or IP4_6_STATIC","description_kind":"plain","optional":true,"computed":true},"size":{"type":"number","description":"Size (in number) of the ip range","description_kind":"plain","required":true},"ula_prefix":{"type":"string","description":"ULA prefix for IP6 or IP4_6","description_kind":"plain","optional":true,"computed":true}},"description_kind":"plain"}}},"description_kind":"plain"}}},"data_source_schemas":{"opennebula_group":{"version":0,"block":{"attributes":{"admins":{"type":["list","number"],"description":"List of Admin user IDs part of the group","description_kind":"plain","computed":true},"id":{"type":"string","description_kind":"plain","optional":true,"computed":true},"name":{"type":"string","description":"Name of the group","description_kind":"plain","required":true},"users":{"type":["list","number"],"description":"List of user IDs part of the group","description_kind":"plain","computed":true}},"block_types":{"quotas":{"nesting_mode":"set","block":{"block_types":{"datastore_quotas":{"nesting_mode":"list","block":{"attributes":{"id":{"type":"number","description":"Datastore ID","description_kind":"plain","required":true},"images":{"type":"number","description":"Maximum number of Images allowed (default: default quota)","description_kind":"plain","optional":true},"size":{"type":"number","description":"Maximum size in MB allowed on the datastore (default: default quota)","description_kind":"plain","optional":true}},"description_kind":"plain"}},"image_quotas":{"nesting_mode":"list","block":{"attributes":{"id":{"type":"number","description":"Image ID","description_kind":"plain","required":true},"running_vms":{"type":"number","description":"Maximum number of Running VMs allowed for this image (default: default quota)","description_kind":"plain","optional":true}},"description_kind":"plain"}},"network_quotas":{"nesting_mode":"list","block":{"attributes":{"id":{"type":"number","description":"Network ID","description_kind":"plain","required":true},"leases":{"type":"number","description":"Maximum number of Leases allowed for this network (default: default quota)","description_kind":"plain","optional":true}},"description_kind":"plain"}},"vm_quotas":{"nesting_mode":"set","block":{"attributes":{"cpu":{"type":"number","description":"Maximum number of CPU allowed (default: default quota)","description_kind":"plain","optional":true},"memory":{"type":"number","description":"Maximum Memory (MB) allowed (default: default quota)","description_kind":"plain","optional":true},"running_cpu":{"type":"number","description":"Maximum number of 'running' CPUs allowed (default: default quota)","description_kind":"plain","optional":true},"running_memory":{"type":"number","description":"'Running' Memory (MB) allowed (default: default quota)","description_kind":"plain","optional":true},"running_vms":{"type":"number","description":"Maximum number of Running VMs allowed (default: default quota)","description_kind":"plain","optional":true},"system_disk_size":{"type":"number","description":"Maximum System Disk size (MB) allowed (default: default quota)","description_kind":"plain","optional":true},"vms":{"type":"number","description":"Maximum number of VMs allowed (default: default quota)","description_kind":"plain","optional":true}},"description_kind":"plain"}}},"description_kind":"plain"}}},"description_kind":"plain"}},"opennebula_image":{"version":0,"block":{"attributes":{"id":{"type":"string","description_kind":"plain","optional":true,"computed":true},"name":{"type":"string","description":"Name of the Image","description_kind":"plain","required":true},"tags":{"type":["map","string"],"description":"Add custom tags to the resource","description_kind":"plain","optional":true}},"description_kind":"plain"}},"opennebula_security_group":{"version":0,"block":{"attributes":{"id":{"type":"string","description_kind":"plain","optional":true,"computed":true},"name":{"type":"string","description":"Name of the Security Group","description_kind":"plain","required":true},"tags":{"type":["map","string"],"description":"Add custom tags to the resource","description_kind":"plain","optional":true}},"description_kind":"plain"}},"opennebula_template":{"version":0,"block":{"attributes":{"context":{"type":["map","string"],"description":"Context variables","description_kind":"plain","optional":true},"cpu":{"type":"number","description":"Amount of CPU quota assigned to the virtual machine","description_kind":"plain","optional":true,"computed":true},"id":{"type":"string","description_kind":"plain","optional":true,"computed":true},"memory":{"type":"number","description":"Amount of memory (RAM) in MB assigned to the virtual machine","description_kind":"plain","optional":true,"computed":true},"name":{"type":"string","description":"Name of the Template","description_kind":"plain","required":true},"tags":{"type":["map","string"],"description":"Add custom tags to the resource","description_kind":"plain","optional":true},"template":{"type":"string","description":"Description of the template, in OpenNebula's XML or String format","description_kind":"plain","optional":true,"computed":true},"vcpu":{"type":"number","description":"Number of virtual CPUs assigned to the virtual machine","description_kind":"plain","optional":true,"computed":true}},"block_types":{"disk":{"nesting_mode":"list","block":{"attributes":{"driver":{"type":"string","description_kind":"plain","optional":true},"image_id":{"type":"number","description":"Image Id  of the image to attach to the VM. Defaults to -1: no image attached.","description_kind":"plain","optional":true},"size":{"type":"number","description_kind":"plain","optional":true},"target":{"type":"string","description_kind":"plain","optional":true}},"description_kind":"plain"}},"graphics":{"nesting_mode":"list","block":{"attributes":{"keymap":{"type":"string","description_kind":"plain","optional":true},"listen":{"type":"string","description_kind":"plain","required":true},"port":{"type":"string","description_kind":"plain","optional":true,"computed":true},"type":{"type":"string","description_kind":"plain","required":true}},"description_kind":"plain"},"max_items":1},"nic":{"nesting_mode":"list","block":{"attributes":{"ip":{"type":"string","description_kind":"plain","optional":true},"mac":{"type":"string","description_kind":"plain","optional":true},"model":{"type":"string","description_kind":"plain","optional":true},"network":{"type":"string","description_kind":"plain","computed":true},"network_id":{"type":"number","description_kind":"plain","required":true},"physical_device":{"type":"string","description_kind":"plain","optional":true},"security_groups":{"type":["list","number"],"description_kind":"plain","optional":true}},"description_kind":"plain"}},"os":{"nesting_mode":"list","block":{"attributes":{"arch":{"type":"string","description_kind":"plain","required":true},"boot":{"type":"string","description_kind":"plain","required":true}},"description_kind":"plain"},"max_items":1},"vmgroup":{"nesting_mode":"list","block":{"attributes":{"role":{"type":"string","description_kind":"plain","required":true},"vmgroup_id":{"type":"number","description_kind":"plain","required":true}},"description_kind":"plain"},"max_items":1}},"description_kind":"plain"}},"opennebula_user":{"version":0,"block":{"attributes":{"auth_driver":{"type":"string","description":"Authentication driver. Select between: core, public, ssh, x509, ldap, server_cipher, server_x509 and custom. Defaults to 'core'.","description_kind":"plain","optional":true},"groups":{"type":["list","number"],"description":"List of group IDs to add to the user","description_kind":"plain","optional":true},"id":{"type":"string","description_kind":"plain","optional":true,"computed":true},"name":{"type":"string","description":"Name of the User","description_kind":"plain","required":true},"password":{"type":"string","description":"Password of the User","description_kind":"plain","required":true},"primary_group":{"type":"number","description":"Primary (Default) Group ID of the user. Defaults to 0","description_kind":"plain","optional":true}},"block_types":{"quotas":{"nesting_mode":"set","block":{"block_types":{"datastore_quotas":{"nesting_mode":"list","block":{"attributes":{"id":{"type":"number","description":"Datastore ID","description_kind":"plain","required":true},"images":{"type":"number","description":"Maximum number of Images allowed (default: default quota)","description_kind":"plain","optional":true},"size":{"type":"number","description":"Maximum size in MB allowed on the datastore (default: default quota)","description_kind":"plain","optional":true}},"description_kind":"plain"}},"image_quotas":{"nesting_mode":"list","block":{"attributes":{"id":{"type":"number","description":"Image ID","description_kind":"plain","required":true},"running_vms":{"type":"number","description":"Maximum number of Running VMs allowed for this image (default: default quota)","description_kind":"plain","optional":true}},"description_kind":"plain"}},"network_quotas":{"nesting_mode":"list","block":{"attributes":{"id":{"type":"number","description":"Network ID","description_kind":"plain","required":true},"leases":{"type":"number","description":"Maximum number of Leases allowed for this network (default: default quota)","description_kind":"plain","optional":true}},"description_kind":"plain"}},"vm_quotas":{"nesting_mode":"set","block":{"attributes":{"cpu":{"type":"number","description":"Maximum number of CPU allowed (default: default quota)","description_kind":"plain","optional":true},"memory":{"type":"number","description":"Maximum Memory (MB) allowed (default: default quota)","description_kind":"plain","optional":true},"running_cpu":{"type":"number","description":"Maximum number of 'running' CPUs allowed (default: default quota)","description_kind":"plain","optional":true},"running_memory":{"type":"number","description":"'Running' Memory (MB) allowed (default: default quota)","description_kind":"plain","optional":true},"running_vms":{"type":"number","description":"Maximum number of Running VMs allowed (default: default quota)","description_kind":"plain","optional":true},"system_disk_size":{"type":"number","description":"Maximum System Disk size (MB) allowed (default: default quota)","description_kind":"plain","optional":true},"vms":{"type":"number","description":"Maximum number of VMs allowed (default: default quota)","description_kind":"plain","optional":true}},"description_kind":"plain"}}},"description_kind":"plain"}}},"description_kind":"plain"}},"opennebula_virtual_data_center":{"version":0,"block":{"attributes":{"id":{"type":"string","description_kind":"plain","optional":true,"computed":true},"name":{"type":"string","description":"Name of the VDC","description_kind":"plain","required":true}},"description_kind":"plain"}},"opennebula_virtual_machine_group":{"version":0,"block":{"attributes":{"id":{"type":"string","description_kind":"plain","optional":true,"computed":true},"name":{"type":"string","description":"Name of the Virtual Machine Group","description_kind":"plain","required":true},"tags":{"type":["map","string"],"description":"Add custom tags to the resource","description_kind":"plain","optional":true}},"description_kind":"plain"}},"opennebula_virtual_network":{"version":0,"block":{"attributes":{"description":{"type":"string","description":"Description of the vnet, in OpenNebula's XML or String format","description_kind":"plain","optional":true},"id":{"type":"string","description_kind":"plain","optional":true,"computed":true},"mtu":{"type":"number","description":"MTU of the vnet (defaut: 1500)","description_kind":"plain","optional":true},"name":{"type":"string","description":"Name of the Virtual Network","description_kind":"plain","required":true},"tags":{"type":["map","string"],"description":"Add custom tags to the resource","description_kind":"plain","optional":true}},"description_kind":"plain"}}}}}}
