{"format_version":"0.2","provider_schemas":{"registry.terraform.io/pagerduty/pagerduty":{"provider":{"version":0,"block":{"attributes":{"service_region":{"type":"string","description_kind":"plain","optional":true},"skip_credentials_validation":{"type":"bool","description_kind":"plain","optional":true},"token":{"type":"string","description_kind":"plain","required":true},"user_token":{"type":"string","description_kind":"plain","optional":true}},"description_kind":"plain"}},"resource_schemas":{"pagerduty_addon":{"version":0,"block":{"attributes":{"id":{"type":"string","description_kind":"plain","optional":true,"computed":true},"name":{"type":"string","description_kind":"plain","required":true},"src":{"type":"string","description_kind":"plain","required":true}},"description_kind":"plain"}},"pagerduty_business_service":{"version":0,"block":{"attributes":{"description":{"type":"string","description_kind":"plain","optional":true},"html_url":{"type":"string","description_kind":"plain","computed":true},"id":{"type":"string","description_kind":"plain","optional":true,"computed":true},"name":{"type":"string","description_kind":"plain","required":true},"point_of_contact":{"type":"string","description_kind":"plain","optional":true},"self":{"type":"string","description_kind":"plain","computed":true},"summary":{"type":"string","description_kind":"plain","computed":true},"team":{"type":"string","description_kind":"plain","optional":true},"type":{"type":"string","description_kind":"plain","optional":true}},"description_kind":"plain"}},"pagerduty_escalation_policy":{"version":0,"block":{"attributes":{"description":{"type":"string","description_kind":"plain","optional":true},"id":{"type":"string","description_kind":"plain","optional":true,"computed":true},"name":{"type":"string","description_kind":"plain","required":true},"num_loops":{"type":"number","description_kind":"plain","optional":true},"teams":{"type":["list","string"],"description_kind":"plain","optional":true}},"block_types":{"rule":{"nesting_mode":"list","block":{"attributes":{"escalation_delay_in_minutes":{"type":"number","description_kind":"plain","required":true},"id":{"type":"string","description_kind":"plain","computed":true}},"block_types":{"target":{"nesting_mode":"list","block":{"attributes":{"id":{"type":"string","description_kind":"plain","required":true},"type":{"type":"string","description_kind":"plain","optional":true}},"description_kind":"plain"},"min_items":1}},"description_kind":"plain"},"min_items":1}},"description_kind":"plain"}},"pagerduty_event_rule":{"version":0,"block":{"attributes":{"action_json":{"type":"string","description_kind":"plain","required":true},"advanced_condition_json":{"type":"string","description_kind":"plain","optional":true},"catch_all":{"type":"bool","description_kind":"plain","computed":true},"condition_json":{"type":"string","description_kind":"plain","required":true},"id":{"type":"string","description_kind":"plain","optional":true,"computed":true}},"description_kind":"plain"}},"pagerduty_extension":{"version":0,"block":{"attributes":{"config":{"type":"string","description_kind":"plain","optional":true},"endpoint_url":{"type":"string","description_kind":"plain","optional":true,"sensitive":true},"extension_objects":{"type":["set","string"],"description_kind":"plain","required":true},"extension_schema":{"type":"string","description_kind":"plain","required":true},"html_url":{"type":"string","description_kind":"plain","computed":true},"id":{"type":"string","description_kind":"plain","optional":true,"computed":true},"name":{"type":"string","description_kind":"plain","optional":true,"computed":true},"summary":{"type":"string","description_kind":"plain","computed":true},"type":{"type":"string","description_kind":"plain","optional":true,"computed":true}},"description_kind":"plain"}},"pagerduty_extension_servicenow":{"version":0,"block":{"attributes":{"endpoint_url":{"type":"string","description_kind":"plain","optional":true,"sensitive":true},"extension_objects":{"type":["set","string"],"description_kind":"plain","required":true},"extension_schema":{"type":"string","description_kind":"plain","required":true},"html_url":{"type":"string","description_kind":"plain","computed":true},"id":{"type":"string","description_kind":"plain","optional":true,"computed":true},"name":{"type":"string","description_kind":"plain","optional":true,"computed":true},"referer":{"type":"string","description_kind":"plain","required":true},"snow_password":{"type":"string","description_kind":"plain","required":true,"sensitive":true},"snow_user":{"type":"string","description_kind":"plain","required":true},"summary":{"type":"string","description_kind":"plain","optional":true,"computed":true},"sync_options":{"type":"string","description_kind":"plain","required":true},"target":{"type":"string","description_kind":"plain","required":true},"task_type":{"type":"string","description_kind":"plain","required":true},"type":{"type":"string","description_kind":"plain","optional":true,"computed":true}},"description_kind":"plain"}},"pagerduty_maintenance_window":{"version":0,"block":{"attributes":{"description":{"type":"string","description_kind":"plain","optional":true},"end_time":{"type":"string","description_kind":"plain","required":true},"id":{"type":"string","description_kind":"plain","optional":true,"computed":true},"services":{"type":["set","string"],"description_kind":"plain","required":true},"start_time":{"type":"string","description_kind":"plain","required":true}},"description_kind":"plain"}},"pagerduty_response_play":{"version":0,"block":{"attributes":{"conference_number":{"type":"string","description_kind":"plain","optional":true},"conference_url":{"type":"string","description_kind":"plain","optional":true},"description":{"type":"string","description_kind":"plain","optional":true},"from":{"type":"string","description_kind":"plain","required":true},"id":{"type":"string","description_kind":"plain","optional":true,"computed":true},"name":{"type":"string","description_kind":"plain","required":true},"responders_message":{"type":"string","description_kind":"plain","optional":true},"runnability":{"type":"string","description_kind":"plain","optional":true},"subscribers_message":{"type":"string","description_kind":"plain","optional":true},"team":{"type":"string","description_kind":"plain","optional":true},"type":{"type":"string","description_kind":"plain","optional":true}},"block_types":{"responder":{"nesting_mode":"list","block":{"attributes":{"description":{"type":"string","description_kind":"plain","optional":true},"escalation_rule":{"type":["list",["object",{"escalation_delay_in_minutes":"number","id":"string","target":["list",["object",{"id":"string","type":"string"}]]}]],"description_kind":"plain","computed":true},"id":{"type":"string","description_kind":"plain","optional":true},"name":{"type":"string","description_kind":"plain","optional":true},"num_loops":{"type":"number","description_kind":"plain","computed":true},"on_call_handoff_notifications":{"type":"string","description_kind":"plain","computed":true},"service":{"type":["list",["object",{"id":"string","type":"string"}]],"description_kind":"plain","computed":true},"team":{"type":["list",["object",{"id":"string","type":"string"}]],"description_kind":"plain","computed":true},"type":{"type":"string","description_kind":"plain","optional":true}},"description_kind":"plain"}},"subscriber":{"nesting_mode":"list","block":{"attributes":{"id":{"type":"string","description_kind":"plain","optional":true},"type":{"type":"string","description_kind":"plain","optional":true}},"description_kind":"plain"}}},"description_kind":"plain"}},"pagerduty_ruleset":{"version":0,"block":{"attributes":{"id":{"type":"string","description_kind":"plain","optional":true,"computed":true},"name":{"type":"string","description_kind":"plain","required":true},"routing_keys":{"type":["list","string"],"description_kind":"plain","computed":true},"type":{"type":"string","description_kind":"plain","computed":true}},"block_types":{"team":{"nesting_mode":"list","block":{"attributes":{"id":{"type":"string","description_kind":"plain","required":true}},"description_kind":"plain"},"max_items":1}},"description_kind":"plain"}},"pagerduty_ruleset_rule":{"version":0,"block":{"attributes":{"disabled":{"type":"bool","description_kind":"plain","optional":true},"id":{"type":"string","description_kind":"plain","optional":true,"computed":true},"position":{"type":"number","description_kind":"plain","optional":true},"ruleset":{"type":"string","description_kind":"plain","required":true}},"block_types":{"actions":{"nesting_mode":"list","block":{"block_types":{"annotate":{"nesting_mode":"list","block":{"attributes":{"value":{"type":"string","description_kind":"plain","optional":true}},"description_kind":"plain"}},"event_action":{"nesting_mode":"list","block":{"attributes":{"value":{"type":"string","description_kind":"plain","optional":true}},"description_kind":"plain"}},"extractions":{"nesting_mode":"list","block":{"attributes":{"regex":{"type":"string","description_kind":"plain","optional":true},"source":{"type":"string","description_kind":"plain","optional":true},"target":{"type":"string","description_kind":"plain","optional":true},"template":{"type":"string","description_kind":"plain","optional":true}},"description_kind":"plain"}},"priority":{"nesting_mode":"list","block":{"attributes":{"value":{"type":"string","description_kind":"plain","optional":true}},"description_kind":"plain"}},"route":{"nesting_mode":"list","block":{"attributes":{"value":{"type":"string","description_kind":"plain","optional":true}},"description_kind":"plain"}},"severity":{"nesting_mode":"list","block":{"attributes":{"value":{"type":"string","description_kind":"plain","optional":true}},"description_kind":"plain"}},"suppress":{"nesting_mode":"list","block":{"attributes":{"threshold_time_amount":{"type":"number","description_kind":"plain","optional":true},"threshold_time_unit":{"type":"string","description_kind":"plain","optional":true},"threshold_value":{"type":"number","description_kind":"plain","optional":true},"value":{"type":"bool","description_kind":"plain","optional":true}},"description_kind":"plain"}},"suspend":{"nesting_mode":"list","block":{"attributes":{"value":{"type":"number","description_kind":"plain","optional":true}},"description_kind":"plain"}}},"description_kind":"plain"},"max_items":1},"conditions":{"nesting_mode":"list","block":{"attributes":{"operator":{"type":"string","description_kind":"plain","optional":true}},"block_types":{"subconditions":{"nesting_mode":"list","block":{"attributes":{"operator":{"type":"string","description_kind":"plain","optional":true}},"block_types":{"parameter":{"nesting_mode":"list","block":{"attributes":{"path":{"type":"string","description_kind":"plain","optional":true},"value":{"type":"string","description_kind":"plain","optional":true}},"description_kind":"plain"}}},"description_kind":"plain"}}},"description_kind":"plain"},"max_items":1},"time_frame":{"nesting_mode":"list","block":{"block_types":{"active_between":{"nesting_mode":"list","block":{"attributes":{"end_time":{"type":"number","description_kind":"plain","optional":true},"start_time":{"type":"number","description_kind":"plain","optional":true}},"description_kind":"plain"}},"scheduled_weekly":{"nesting_mode":"list","block":{"attributes":{"duration":{"type":"number","description_kind":"plain","optional":true},"start_time":{"type":"number","description_kind":"plain","optional":true},"timezone":{"type":"string","description_kind":"plain","optional":true},"weekdays":{"type":["list","number"],"description_kind":"plain","optional":true}},"description_kind":"plain"}}},"description_kind":"plain"},"max_items":1},"variable":{"nesting_mode":"list","block":{"attributes":{"name":{"type":"string","description_kind":"plain","optional":true},"type":{"type":"string","description_kind":"plain","optional":true}},"block_types":{"parameters":{"nesting_mode":"list","block":{"attributes":{"path":{"type":"string","description_kind":"plain","optional":true},"value":{"type":"string","description_kind":"plain","optional":true}},"description_kind":"plain"}}},"description_kind":"plain"}}},"description_kind":"plain"}},"pagerduty_schedule":{"version":0,"block":{"attributes":{"description":{"type":"string","description_kind":"plain","optional":true},"id":{"type":"string","description_kind":"plain","optional":true,"computed":true},"name":{"type":"string","description_kind":"plain","optional":true},"overflow":{"type":"bool","description_kind":"plain","optional":true},"teams":{"type":["list","string"],"description_kind":"plain","optional":true},"time_zone":{"type":"string","description_kind":"plain","required":true}},"block_types":{"layer":{"nesting_mode":"list","block":{"attributes":{"end":{"type":"string","description_kind":"plain","optional":true},"id":{"type":"string","description_kind":"plain","computed":true},"name":{"type":"string","description_kind":"plain","optional":true,"computed":true},"rotation_turn_length_seconds":{"type":"number","description_kind":"plain","required":true},"rotation_virtual_start":{"type":"string","description_kind":"plain","required":true},"start":{"type":"string","description_kind":"plain","required":true},"users":{"type":["list","string"],"description_kind":"plain","required":true}},"block_types":{"restriction":{"nesting_mode":"list","block":{"attributes":{"duration_seconds":{"type":"number","description_kind":"plain","required":true},"start_day_of_week":{"type":"number","description_kind":"plain","optional":true},"start_time_of_day":{"type":"string","description_kind":"plain","required":true},"type":{"type":"string","description_kind":"plain","required":true}},"description_kind":"plain"}}},"description_kind":"plain"},"min_items":1}},"description_kind":"plain"}},"pagerduty_service":{"version":0,"block":{"attributes":{"acknowledgement_timeout":{"type":"string","description_kind":"plain","optional":true},"alert_creation":{"type":"string","description_kind":"plain","optional":true},"alert_grouping":{"type":"string","description_kind":"plain","deprecated":true,"optional":true,"computed":true},"alert_grouping_timeout":{"type":"string","description_kind":"plain","deprecated":true,"optional":true,"computed":true},"auto_resolve_timeout":{"type":"string","description_kind":"plain","optional":true},"created_at":{"type":"string","description_kind":"plain","computed":true},"description":{"type":"string","description_kind":"plain","optional":true},"escalation_policy":{"type":"string","description_kind":"plain","required":true},"html_url":{"type":"string","description_kind":"plain","computed":true},"id":{"type":"string","description_kind":"plain","optional":true,"computed":true},"last_incident_timestamp":{"type":"string","description_kind":"plain","computed":true},"name":{"type":"string","description_kind":"plain","required":true},"status":{"type":"string","description_kind":"plain","computed":true}},"block_types":{"alert_grouping_parameters":{"nesting_mode":"list","block":{"attributes":{"type":{"type":"string","description_kind":"plain","optional":true}},"block_types":{"config":{"nesting_mode":"list","block":{"attributes":{"aggregate":{"type":"string","description_kind":"plain","optional":true},"fields":{"type":["list","string"],"description_kind":"plain","optional":true},"timeout":{"type":"number","description_kind":"plain","optional":true}},"description_kind":"plain"},"max_items":1}},"description_kind":"plain"},"max_items":1},"incident_urgency_rule":{"nesting_mode":"list","block":{"attributes":{"type":{"type":"string","description_kind":"plain","required":true},"urgency":{"type":"string","description_kind":"plain","optional":true}},"block_types":{"during_support_hours":{"nesting_mode":"list","block":{"attributes":{"type":{"type":"string","description_kind":"plain","optional":true},"urgency":{"type":"string","description_kind":"plain","optional":true}},"description_kind":"plain"},"max_items":1},"outside_support_hours":{"nesting_mode":"list","block":{"attributes":{"type":{"type":"string","description_kind":"plain","optional":true},"urgency":{"type":"string","description_kind":"plain","optional":true}},"description_kind":"plain"},"max_items":1}},"description_kind":"plain"},"max_items":1},"scheduled_actions":{"nesting_mode":"list","block":{"attributes":{"to_urgency":{"type":"string","description_kind":"plain","optional":true},"type":{"type":"string","description_kind":"plain","optional":true}},"block_types":{"at":{"nesting_mode":"list","block":{"attributes":{"name":{"type":"string","description_kind":"plain","optional":true},"type":{"type":"string","description_kind":"plain","optional":true}},"description_kind":"plain"}}},"description_kind":"plain"}},"support_hours":{"nesting_mode":"list","block":{"attributes":{"days_of_week":{"type":["list","number"],"description_kind":"plain","optional":true},"end_time":{"type":"string","description_kind":"plain","optional":true},"start_time":{"type":"string","description_kind":"plain","optional":true},"time_zone":{"type":"string","description_kind":"plain","optional":true},"type":{"type":"string","description_kind":"plain","optional":true}},"description_kind":"plain"},"max_items":1}},"description_kind":"plain"}},"pagerduty_service_dependency":{"version":0,"block":{"attributes":{"id":{"type":"string","description_kind":"plain","optional":true,"computed":true}},"block_types":{"dependency":{"nesting_mode":"list","block":{"attributes":{"type":{"type":"string","description_kind":"plain","optional":true}},"block_types":{"dependent_service":{"nesting_mode":"list","block":{"attributes":{"id":{"type":"string","description_kind":"plain","required":true},"type":{"type":"string","description_kind":"plain","required":true}},"description_kind":"plain"},"min_items":1},"supporting_service":{"nesting_mode":"list","block":{"attributes":{"id":{"type":"string","description_kind":"plain","required":true},"type":{"type":"string","description_kind":"plain","required":true}},"description_kind":"plain"},"min_items":1}},"description_kind":"plain"},"min_items":1,"max_items":1}},"description_kind":"plain"}},"pagerduty_service_event_rule":{"version":0,"block":{"attributes":{"disabled":{"type":"bool","description_kind":"plain","optional":true},"id":{"type":"string","description_kind":"plain","optional":true,"computed":true},"position":{"type":"number","description_kind":"plain","optional":true},"service":{"type":"string","description_kind":"plain","required":true}},"block_types":{"actions":{"nesting_mode":"list","block":{"block_types":{"annotate":{"nesting_mode":"list","block":{"attributes":{"value":{"type":"string","description_kind":"plain","optional":true}},"description_kind":"plain"}},"event_action":{"nesting_mode":"list","block":{"attributes":{"value":{"type":"string","description_kind":"plain","optional":true}},"description_kind":"plain"}},"extractions":{"nesting_mode":"list","block":{"attributes":{"regex":{"type":"string","description_kind":"plain","optional":true},"source":{"type":"string","description_kind":"plain","optional":true},"target":{"type":"string","description_kind":"plain","optional":true},"template":{"type":"string","description_kind":"plain","optional":true}},"description_kind":"plain"}},"priority":{"nesting_mode":"list","block":{"attributes":{"value":{"type":"string","description_kind":"plain","optional":true}},"description_kind":"plain"}},"severity":{"nesting_mode":"list","block":{"attributes":{"value":{"type":"string","description_kind":"plain","optional":true}},"description_kind":"plain"}},"suppress":{"nesting_mode":"list","block":{"attributes":{"threshold_time_amount":{"type":"number","description_kind":"plain","optional":true},"threshold_time_unit":{"type":"string","description_kind":"plain","optional":true},"threshold_value":{"type":"number","description_kind":"plain","optional":true},"value":{"type":"bool","description_kind":"plain","optional":true}},"description_kind":"plain"}},"suspend":{"nesting_mode":"list","block":{"attributes":{"value":{"type":"number","description_kind":"plain","optional":true}},"description_kind":"plain"}}},"description_kind":"plain"},"max_items":1},"conditions":{"nesting_mode":"list","block":{"attributes":{"operator":{"type":"string","description_kind":"plain","optional":true}},"block_types":{"subconditions":{"nesting_mode":"list","block":{"attributes":{"operator":{"type":"string","description_kind":"plain","optional":true}},"block_types":{"parameter":{"nesting_mode":"list","block":{"attributes":{"path":{"type":"string","description_kind":"plain","optional":true},"value":{"type":"string","description_kind":"plain","optional":true}},"description_kind":"plain"}}},"description_kind":"plain"}}},"description_kind":"plain"},"max_items":1},"time_frame":{"nesting_mode":"list","block":{"block_types":{"active_between":{"nesting_mode":"list","block":{"attributes":{"end_time":{"type":"number","description_kind":"plain","optional":true},"start_time":{"type":"number","description_kind":"plain","optional":true}},"description_kind":"plain"}},"scheduled_weekly":{"nesting_mode":"list","block":{"attributes":{"duration":{"type":"number","description_kind":"plain","optional":true},"start_time":{"type":"number","description_kind":"plain","optional":true},"timezone":{"type":"string","description_kind":"plain","optional":true},"weekdays":{"type":["list","number"],"description_kind":"plain","optional":true}},"description_kind":"plain"}}},"description_kind":"plain"},"max_items":1},"variable":{"nesting_mode":"list","block":{"attributes":{"name":{"type":"string","description_kind":"plain","optional":true},"type":{"type":"string","description_kind":"plain","optional":true}},"block_types":{"parameters":{"nesting_mode":"list","block":{"attributes":{"path":{"type":"string","description_kind":"plain","optional":true},"value":{"type":"string","description_kind":"plain","optional":true}},"description_kind":"plain"}}},"description_kind":"plain"}}},"description_kind":"plain"}},"pagerduty_service_integration":{"version":0,"block":{"attributes":{"html_url":{"type":"string","description_kind":"plain","computed":true},"id":{"type":"string","description_kind":"plain","optional":true,"computed":true},"integration_email":{"type":"string","description_kind":"plain","optional":true,"computed":true},"integration_key":{"type":"string","description_kind":"plain","optional":true,"computed":true},"name":{"type":"string","description_kind":"plain","optional":true},"service":{"type":"string","description_kind":"plain","required":true},"type":{"type":"string","description_kind":"plain","optional":true,"computed":true},"vendor":{"type":"string","description_kind":"plain","optional":true,"computed":true}},"description_kind":"plain"}},"pagerduty_slack_connection":{"version":0,"block":{"attributes":{"channel_id":{"type":"string","description_kind":"plain","required":true},"channel_name":{"type":"string","description_kind":"plain","computed":true},"id":{"type":"string","description_kind":"plain","optional":true,"computed":true},"notification_type":{"type":"string","description_kind":"plain","required":true},"source_id":{"type":"string","description_kind":"plain","required":true},"source_name":{"type":"string","description_kind":"plain","computed":true},"source_type":{"type":"string","description_kind":"plain","required":true},"workspace_id":{"type":"string","description_kind":"plain","required":true}},"block_types":{"config":{"nesting_mode":"list","block":{"attributes":{"events":{"type":["list","string"],"description_kind":"plain","required":true},"priorities":{"type":["list","string"],"description_kind":"plain","optional":true},"urgency":{"type":"string","description_kind":"plain","optional":true}},"description_kind":"plain"},"min_items":1}},"description_kind":"plain"}},"pagerduty_tag":{"version":0,"block":{"attributes":{"html_url":{"type":"string","description_kind":"plain","computed":true},"id":{"type":"string","description_kind":"plain","optional":true,"computed":true},"label":{"type":"string","description_kind":"plain","required":true},"summary":{"type":"string","description_kind":"plain","computed":true}},"description_kind":"plain"}},"pagerduty_tag_assignment":{"version":0,"block":{"attributes":{"entity_id":{"type":"string","description_kind":"plain","required":true},"entity_type":{"type":"string","description_kind":"plain","required":true},"id":{"type":"string","description_kind":"plain","optional":true,"computed":true},"tag_id":{"type":"string","description_kind":"plain","required":true}},"description_kind":"plain"}},"pagerduty_team":{"version":0,"block":{"attributes":{"description":{"type":"string","description_kind":"plain","optional":true},"html_url":{"type":"string","description_kind":"plain","computed":true},"id":{"type":"string","description_kind":"plain","optional":true,"computed":true},"name":{"type":"string","description_kind":"plain","required":true},"parent":{"type":"string","description_kind":"plain","optional":true}},"description_kind":"plain"}},"pagerduty_team_membership":{"version":0,"block":{"attributes":{"id":{"type":"string","description_kind":"plain","optional":true,"computed":true},"role":{"type":"string","description_kind":"plain","optional":true},"team_id":{"type":"string","description_kind":"plain","required":true},"user_id":{"type":"string","description_kind":"plain","required":true}},"description_kind":"plain"}},"pagerduty_user":{"version":0,"block":{"attributes":{"avatar_url":{"type":"string","description_kind":"plain","computed":true},"color":{"type":"string","description_kind":"plain","optional":true,"computed":true},"description":{"type":"string","description_kind":"plain","optional":true},"email":{"type":"string","description_kind":"plain","required":true},"html_url":{"type":"string","description_kind":"plain","computed":true},"id":{"type":"string","description_kind":"plain","optional":true,"computed":true},"invitation_sent":{"type":"bool","description_kind":"plain","computed":true},"job_title":{"type":"string","description_kind":"plain","optional":true},"name":{"type":"string","description_kind":"plain","required":true},"role":{"type":"string","description_kind":"plain","optional":true},"teams":{"type":["set","string"],"description_kind":"plain","deprecated":true,"optional":true,"computed":true},"time_zone":{"type":"string","description_kind":"plain","optional":true,"computed":true}},"description_kind":"plain"}},"pagerduty_user_contact_method":{"version":0,"block":{"attributes":{"address":{"type":"string","description_kind":"plain","required":true},"blacklisted":{"type":"bool","description_kind":"plain","computed":true},"country_code":{"type":"number","description_kind":"plain","optional":true},"enabled":{"type":"bool","description_kind":"plain","computed":true},"id":{"type":"string","description_kind":"plain","optional":true,"computed":true},"label":{"type":"string","description_kind":"plain","required":true},"send_short_email":{"type":"bool","description_kind":"plain","optional":true},"type":{"type":"string","description_kind":"plain","required":true},"user_id":{"type":"string","description_kind":"plain","required":true}},"description_kind":"plain"}},"pagerduty_user_notification_rule":{"version":0,"block":{"attributes":{"contact_method":{"type":["map","string"],"description_kind":"plain","required":true},"id":{"type":"string","description_kind":"plain","optional":true,"computed":true},"start_delay_in_minutes":{"type":"number","description_kind":"plain","required":true},"urgency":{"type":"string","description_kind":"plain","required":true},"user_id":{"type":"string","description_kind":"plain","required":true}},"description_kind":"plain"}}},"data_source_schemas":{"pagerduty_business_service":{"version":0,"block":{"attributes":{"id":{"type":"string","description_kind":"plain","optional":true,"computed":true},"name":{"type":"string","description_kind":"plain","required":true}},"description_kind":"plain"}},"pagerduty_escalation_policy":{"version":0,"block":{"attributes":{"id":{"type":"string","description_kind":"plain","optional":true,"computed":true},"name":{"type":"string","description_kind":"plain","required":true}},"description_kind":"plain"}},"pagerduty_extension_schema":{"version":0,"block":{"attributes":{"id":{"type":"string","description_kind":"plain","optional":true,"computed":true},"name":{"type":"string","description_kind":"plain","required":true},"type":{"type":"string","description_kind":"plain","computed":true}},"description_kind":"plain"}},"pagerduty_priority":{"version":0,"block":{"attributes":{"description":{"type":"string","description_kind":"plain","computed":true},"id":{"type":"string","description_kind":"plain","optional":true,"computed":true},"name":{"type":"string","description":"The name of the priority to find in the PagerDuty API","description_kind":"plain","required":true}},"description_kind":"plain"}},"pagerduty_ruleset":{"version":0,"block":{"attributes":{"id":{"type":"string","description_kind":"plain","optional":true,"computed":true},"name":{"type":"string","description_kind":"plain","required":true},"routing_keys":{"type":["list","string"],"description_kind":"plain","computed":true}},"description_kind":"plain"}},"pagerduty_schedule":{"version":0,"block":{"attributes":{"id":{"type":"string","description_kind":"plain","optional":true,"computed":true},"name":{"type":"string","description_kind":"plain","required":true}},"description_kind":"plain"}},"pagerduty_service":{"version":0,"block":{"attributes":{"id":{"type":"string","description_kind":"plain","optional":true,"computed":true},"name":{"type":"string","description_kind":"plain","required":true}},"description_kind":"plain"}},"pagerduty_service_integration":{"version":0,"block":{"attributes":{"id":{"type":"string","description_kind":"plain","optional":true,"computed":true},"integration_key":{"type":"string","description_kind":"plain","computed":true,"sensitive":true},"integration_summary":{"type":"string","description":"examples 'Amazon CloudWatch', 'New Relic","description_kind":"plain","required":true},"service_name":{"type":"string","description_kind":"plain","required":true}},"description_kind":"plain"}},"pagerduty_tag":{"version":0,"block":{"attributes":{"id":{"type":"string","description_kind":"plain","optional":true,"computed":true},"label":{"type":"string","description":"The label of the tag to find in the PagerDuty API","description_kind":"plain","required":true}},"description_kind":"plain"}},"pagerduty_team":{"version":0,"block":{"attributes":{"description":{"type":"string","description_kind":"plain","computed":true},"id":{"type":"string","description_kind":"plain","optional":true,"computed":true},"name":{"type":"string","description":"The name of the team to find in the PagerDuty API","description_kind":"plain","required":true},"parent":{"type":"string","description_kind":"plain","optional":true}},"description_kind":"plain"}},"pagerduty_user":{"version":0,"block":{"attributes":{"email":{"type":"string","description_kind":"plain","required":true},"id":{"type":"string","description_kind":"plain","optional":true,"computed":true},"name":{"type":"string","description_kind":"plain","computed":true}},"description_kind":"plain"}},"pagerduty_user_contact_method":{"version":0,"block":{"attributes":{"address":{"type":"string","description_kind":"plain","computed":true},"blacklisted":{"type":"bool","description_kind":"plain","computed":true},"country_code":{"type":"number","description_kind":"plain","computed":true},"device_type":{"type":"string","description_kind":"plain","computed":true},"enabled":{"type":"bool","description_kind":"plain","computed":true},"id":{"type":"string","description_kind":"plain","optional":true,"computed":true},"label":{"type":"string","description":"The name of the contact method to find in the PagerDuty API","description_kind":"plain","required":true},"send_short_email":{"type":"bool","description_kind":"plain","computed":true},"type":{"type":"string","description":"The type of the contact method","description_kind":"plain","required":true},"user_id":{"type":"string","description_kind":"plain","required":true}},"description_kind":"plain"}},"pagerduty_vendor":{"version":0,"block":{"attributes":{"id":{"type":"string","description_kind":"plain","optional":true,"computed":true},"name":{"type":"string","description_kind":"plain","required":true},"type":{"type":"string","description_kind":"plain","computed":true}},"description_kind":"plain"}}}}}}
