{"format_version":"0.2","provider_schemas":{"registry.terraform.io/paloaltonetworks/prismacloud":{"provider":{"version":0,"block":{"attributes":{"customer_name":{"type":"string","description":"Customer name","description_kind":"plain","optional":true},"disable_reconnect":{"type":"bool","description":"Disable reconnecting on JWT expiration","description_kind":"plain","optional":true},"json_config_file":{"type":"string","description":"Retrieve the provider configuration from this JSON file","description_kind":"plain","optional":true},"json_web_token":{"type":"string","description":"JSON web token to use","description_kind":"plain","optional":true,"sensitive":true},"logging":{"type":["map","bool"],"description":"Logging options for the API connection","description_kind":"plain","optional":true},"password":{"type":"string","description":"Secret key","description_kind":"plain","optional":true,"sensitive":true},"port":{"type":"number","description":"If the port is non-standard for the protocol, the port number to use","description_kind":"plain","optional":true},"protocol":{"type":"string","description":"The protocol (https or http)","description_kind":"plain","optional":true},"skip_ssl_cert_verification":{"type":"bool","description":"Skip SSL certificate verification","description_kind":"plain","optional":true},"timeout":{"type":"number","description":"The timeout in seconds for all communications with Prisma Cloud","description_kind":"plain","optional":true},"url":{"type":"string","description":"The API URL without the leading protocol","description_kind":"plain","optional":true},"username":{"type":"string","description":"Access key ID","description_kind":"plain","optional":true}},"description_kind":"plain"}},"resource_schemas":{"prismacloud_account_group":{"version":0,"block":{"attributes":{"account_ids":{"type":["set","string"],"description":"Cloud account IDs","description_kind":"plain","optional":true},"child_group_ids":{"type":["set","string"],"description":"Child account group IDs","description_kind":"plain","optional":true},"description":{"type":"string","description":"Description","description_kind":"plain","optional":true},"group_id":{"type":"string","description":"Account group ID","description_kind":"plain","computed":true},"id":{"type":"string","description_kind":"plain","optional":true,"computed":true},"last_modified_by":{"type":"string","description":"Last modified by","description_kind":"plain","computed":true},"last_modified_ts":{"type":"number","description":"Last modified timestamp","description_kind":"plain","computed":true},"name":{"type":"string","description":"Name of the group","description_kind":"plain","required":true}},"description_kind":"plain"}},"prismacloud_alert_rule":{"version":0,"block":{"attributes":{"allow_auto_remediate":{"type":"bool","description":"Allow auto-remediation","description_kind":"plain","optional":true},"delay_notification_ms":{"type":"number","description":"Delay notifications by the specified milliseconds","description_kind":"plain","optional":true},"description":{"type":"string","description":"Description","description_kind":"plain","optional":true},"enabled":{"type":"bool","description":"Enabled","description_kind":"plain","optional":true},"excluded_policies":{"type":["set","string"],"description":"List of policies to exclude from scan","description_kind":"plain","optional":true},"id":{"type":"string","description_kind":"plain","optional":true,"computed":true},"last_modified_by":{"type":"string","description":"Last modified by","description_kind":"plain","computed":true},"last_modified_on":{"type":"number","description":"Last modified on","description_kind":"plain","computed":true},"name":{"type":"string","description":"Rule/Scan name","description_kind":"plain","required":true},"notification_channels":{"type":["set","string"],"description":"List of notification channels","description_kind":"plain","computed":true},"notify_on_dismissed":{"type":"bool","description":"Include dismissed alerts in notification","description_kind":"plain","optional":true},"notify_on_open":{"type":"bool","description":"Include open alerts in notification","description_kind":"plain","optional":true},"notify_on_resolved":{"type":"bool","description":"Include resolved alerts in notification","description_kind":"plain","optional":true},"notify_on_snoozed":{"type":"bool","description":"Include snoozed alerts in notification","description_kind":"plain","optional":true},"open_alerts_count":{"type":"number","description":"Open alerts count","description_kind":"plain","computed":true},"owner":{"type":"string","description":"Owner","description_kind":"plain","computed":true},"policies":{"type":["set","string"],"description":"List of specific policies to scan","description_kind":"plain","optional":true},"policy_labels":{"type":["set","string"],"description":"Policy labels","description_kind":"plain","optional":true},"policy_scan_config_id":{"type":"string","description":"Policy scan config ID","description_kind":"plain","computed":true},"read_only":{"type":"bool","description":"Read only","description_kind":"plain","computed":true},"scan_all":{"type":"bool","description":"Scan all policies","description_kind":"plain","optional":true}},"block_types":{"notification_config":{"nesting_mode":"list","block":{"attributes":{"config_id":{"type":"string","description":"Alert rule notification config ID","description_kind":"plain","computed":true},"config_type":{"type":"string","description":"Config type","description_kind":"plain","optional":true},"day_of_month":{"type":"number","description":"Day of month","description_kind":"plain","computed":true},"days_of_week":{"type":["list",["object",{"day":"string","offset":"number"}]],"description":"Days of week","description_kind":"plain","computed":true},"detailed_report":{"type":"bool","description":"Provide CSV detailed report","description_kind":"plain","optional":true},"enabled":{"type":"bool","description":"Scan enabled","description_kind":"plain","optional":true},"frequency":{"type":"string","description":"Frequency","description_kind":"plain","optional":true},"frequency_from_r_rule":{"type":"string","description":"Frequency from R rule","description_kind":"plain","computed":true},"hour_of_day":{"type":"number","description":"Hour of day","description_kind":"plain","computed":true},"include_remediation":{"type":"bool","description":"Include remediation in detailed report","description_kind":"plain","optional":true},"last_sent_ts":{"type":"number","description":"Time of last notification in milliseconds","description_kind":"plain","computed":true},"last_updated":{"type":"number","description":"Last updated","description_kind":"plain","computed":true},"r_rule_schedule":{"type":"string","description":"R rule schedule","description_kind":"plain","optional":true},"recipients":{"type":["set","string"],"description":"List of unique email addresses to notify","description_kind":"plain","optional":true},"template_id":{"type":"string","description":"Template ID","description_kind":"plain","optional":true},"timezone_id":{"type":"string","description":"Timezone ID","description_kind":"plain","computed":true},"with_compression":{"type":"bool","description":"Compress detailed report","description_kind":"plain","optional":true}},"description":"List of data for notifications to third-party tools","description_kind":"plain"}},"target":{"nesting_mode":"list","block":{"attributes":{"account_groups":{"type":["set","string"],"description":"List of account groups","description_kind":"plain","optional":true},"excluded_accounts":{"type":["set","string"],"description":"List of excluded accounts","description_kind":"plain","optional":true},"regions":{"type":["set","string"],"description":"List of regions","description_kind":"plain","optional":true}},"block_types":{"tags":{"nesting_mode":"list","block":{"attributes":{"key":{"type":"string","description":"Resource tag target","description_kind":"plain","required":true},"values":{"type":["list","string"],"description":"List of values for resource tag key","description_kind":"plain","required":true}},"description":"List of TargetTag objects","description_kind":"plain"}}},"description":"Model for the target filter","description_kind":"plain"},"min_items":1,"max_items":1}},"description_kind":"plain"}},"prismacloud_cloud_account":{"version":0,"block":{"attributes":{"disable_on_destroy":{"type":"bool","description":"to disable cloud account instead of deleting on calling destroy","description_kind":"plain","optional":true},"id":{"type":"string","description_kind":"plain","optional":true,"computed":true}},"block_types":{"alibaba_cloud":{"nesting_mode":"list","block":{"attributes":{"account_id":{"type":"string","description":"Alibaba account ID","description_kind":"plain","required":true},"enabled":{"type":"bool","description":"Whether or not the account is enabled","description_kind":"plain","optional":true},"group_ids":{"type":["set","string"],"description":"List of account IDs to which you are assigning this account","description_kind":"plain","required":true},"name":{"type":"string","description":"Name to be used for the account on the Prisma Cloud platform (must be unique)","description_kind":"plain","required":true},"ram_arn":{"type":"string","description":"Unique identifier for an Alibaba RAM role resource","description_kind":"plain","required":true}},"description":"Alibaba account type","description_kind":"plain"},"max_items":1},"aws":{"nesting_mode":"list","block":{"attributes":{"account_id":{"type":"string","description":"AWS account ID","description_kind":"plain","required":true},"account_type":{"type":"string","description":"Account type - organization or account","description_kind":"plain","optional":true},"enabled":{"type":"bool","description":"Whether or not the account is enabled","description_kind":"plain","optional":true},"external_id":{"type":"string","description":"AWS account external ID","description_kind":"plain","required":true,"sensitive":true},"group_ids":{"type":["set","string"],"description":"List of account IDs to which you are assigning this account","description_kind":"plain","required":true},"name":{"type":"string","description":"Name to be used for the account on the Prisma Cloud platform (must be unique)","description_kind":"plain","required":true},"protection_mode":{"type":"string","description":"Monitor or Monitor and Protect","description_kind":"plain","optional":true},"role_arn":{"type":"string","description":"Unique identifier for an AWS resource (ARN)","description_kind":"plain","required":true}},"description":"AWS account type","description_kind":"plain"},"max_items":1},"azure":{"nesting_mode":"list","block":{"attributes":{"account_id":{"type":"string","description":"Azure account ID","description_kind":"plain","required":true},"account_type":{"type":"string","description":"Account type - organization or account","description_kind":"plain","optional":true},"client_id":{"type":"string","description":"Application ID registered with Active Directory","description_kind":"plain","required":true},"enabled":{"type":"bool","description":"Whether or not the account is enabled","description_kind":"plain","optional":true},"group_ids":{"type":["set","string"],"description":"List of account IDs to which you are assigning this account","description_kind":"plain","required":true},"key":{"type":"string","description":"Application ID key","description_kind":"plain","required":true,"sensitive":true},"monitor_flow_logs":{"type":"bool","description":"Automatically ingest flow logs","description_kind":"plain","optional":true},"name":{"type":"string","description":"Name to be used for the account on the Prisma Cloud platform (must be unique)","description_kind":"plain","required":true},"protection_mode":{"type":"string","description":"Monitor or Monitor and Protect","description_kind":"plain","optional":true},"service_principal_id":{"type":"string","description":"Unique ID of the service principal object associated with the Prisma Cloud application that you create","description_kind":"plain","required":true},"tenant_id":{"type":"string","description":"Active Directory ID associated with Azure","description_kind":"plain","required":true}},"description":"Azure account type","description_kind":"plain"},"max_items":1},"gcp":{"nesting_mode":"list","block":{"attributes":{"account_id":{"type":"string","description":"GCP project ID","description_kind":"plain","required":true},"account_type":{"type":"string","description":"Account type - organization or account","description_kind":"plain","optional":true},"compression_enabled":{"type":"bool","description":"Enable flow log compression","description_kind":"plain","optional":true},"credentials_json":{"type":"string","description":"Content of the JSON credentials file","description_kind":"plain","required":true,"sensitive":true},"dataflow_enabled_project":{"type":"string","description":"GCP project for flow log compression","description_kind":"plain","optional":true},"enabled":{"type":"bool","description":"Whether or not the account is enabled","description_kind":"plain","optional":true},"flow_log_storage_bucket":{"type":"string","description":"GCP flow logs storage bucket","description_kind":"plain","optional":true},"group_ids":{"type":["set","string"],"description":"List of account IDs to which you are assigning this account","description_kind":"plain","required":true},"name":{"type":"string","description":"Name to be used for the account on the Prisma Cloud platform (must be unique)","description_kind":"plain","required":true},"protection_mode":{"type":"string","description":"Monitor or Monitor and Protect","description_kind":"plain","optional":true}},"description":"GCP account type","description_kind":"plain"},"max_items":1},"timeouts":{"nesting_mode":"single","block":{"attributes":{"create":{"type":"string","description_kind":"plain","optional":true},"delete":{"type":"string","description_kind":"plain","optional":true},"update":{"type":"string","description_kind":"plain","optional":true}},"description_kind":"plain"}}},"description_kind":"plain"}},"prismacloud_compliance_standard":{"version":0,"block":{"attributes":{"cloud_types":{"type":["list","string"],"description":"Cloud type (determined based on policies assigned)","description_kind":"plain","computed":true},"created_by":{"type":"string","description":"Created by","description_kind":"plain","computed":true},"created_on":{"type":"number","description":"Created on","description_kind":"plain","computed":true},"cs_id":{"type":"string","description":"Compliance standard ID","description_kind":"plain","computed":true},"description":{"type":"string","description":"Description","description_kind":"plain","optional":true},"id":{"type":"string","description_kind":"plain","optional":true,"computed":true},"last_modified_by":{"type":"string","description":"Last modified by","description_kind":"plain","computed":true},"last_modified_on":{"type":"number","description":"Last modified on","description_kind":"plain","computed":true},"name":{"type":"string","description":"Compliance standard name","description_kind":"plain","required":true},"policies_assigned_count":{"type":"number","description":"Number of assigned policies","description_kind":"plain","computed":true},"system_default":{"type":"bool","description":"System default","description_kind":"plain","computed":true}},"description_kind":"plain"}},"prismacloud_compliance_standard_requirement":{"version":0,"block":{"attributes":{"created_by":{"type":"string","description":"Created by","description_kind":"plain","computed":true},"created_on":{"type":"number","description":"Created on","description_kind":"plain","computed":true},"cs_id":{"type":"string","description":"Compliance standard ID","description_kind":"plain","required":true},"csr_id":{"type":"string","description":"Compliance standard requirement ID","description_kind":"plain","computed":true},"description":{"type":"string","description":"Description","description_kind":"plain","optional":true},"id":{"type":"string","description_kind":"plain","optional":true,"computed":true},"last_modified_by":{"type":"string","description":"Last modified by","description_kind":"plain","computed":true},"last_modified_on":{"type":"number","description":"Last modified on","description_kind":"plain","computed":true},"name":{"type":"string","description":"Compliance requirement name","description_kind":"plain","required":true},"policies_assigned_count":{"type":"number","description":"Number of assigned policies","description_kind":"plain","computed":true},"requirement_id":{"type":"string","description":"Compliance requirement number","description_kind":"plain","optional":true},"standard_name":{"type":"string","description":"Compliance standard name","description_kind":"plain","computed":true},"system_default":{"type":"bool","description":"System default","description_kind":"plain","computed":true},"view_order":{"type":"number","description":"View order","description_kind":"plain","optional":true,"computed":true}},"description_kind":"plain"}},"prismacloud_compliance_standard_requirement_section":{"version":0,"block":{"attributes":{"associated_policy_ids":{"type":["list","string"],"description":"List of associated policy IDs","description_kind":"plain","computed":true},"created_by":{"type":"string","description":"Created by","description_kind":"plain","computed":true},"created_on":{"type":"number","description":"Created on","description_kind":"plain","computed":true},"csr_id":{"type":"string","description":"Compliance standard requirement ID","description_kind":"plain","required":true},"csrs_id":{"type":"string","description":"Compliance standard requirement section ID","description_kind":"plain","computed":true},"description":{"type":"string","description":"Description","description_kind":"plain","optional":true},"id":{"type":"string","description_kind":"plain","optional":true,"computed":true},"label":{"type":"string","description":"Section label","description_kind":"plain","optional":true,"computed":true},"last_modified_by":{"type":"string","description":"Last modified by","description_kind":"plain","computed":true},"last_modified_on":{"type":"number","description":"Last modified on","description_kind":"plain","computed":true},"policies_assigned_count":{"type":"number","description":"Number of assigned policies","description_kind":"plain","computed":true},"requirement_name":{"type":"string","description":"Compliance requirement name","description_kind":"plain","computed":true},"section_id":{"type":"string","description":"Compliance section ID","description_kind":"plain","required":true},"standard_name":{"type":"string","description":"Compliance standard name","description_kind":"plain","computed":true},"system_default":{"type":"bool","description":"System default","description_kind":"plain","computed":true},"view_order":{"type":"number","description":"View order","description_kind":"plain","optional":true,"computed":true}},"description_kind":"plain"}},"prismacloud_datapattern":{"version":0,"block":{"attributes":{"created_by":{"type":"string","description":"Created by","description_kind":"plain","computed":true},"description":{"type":"string","description":"Pattern description","description_kind":"plain","optional":true},"detection_technique":{"type":"string","description":"Detection technique","description_kind":"plain","optional":true},"entity":{"type":"string","description":"Entity value","description_kind":"plain","computed":true},"grammar":{"type":"string","description":"Grammar value","description_kind":"plain","computed":true},"id":{"type":"string","description_kind":"plain","optional":true,"computed":true},"is_editable":{"type":"bool","description":"Is editable","description_kind":"plain","computed":true},"mode":{"type":"string","description":"Mode - predefined or custom","description_kind":"plain","computed":true},"name":{"type":"string","description":"Pattern name","description_kind":"plain","required":true},"parent_id":{"type":"string","description":"Parent ID","description_kind":"plain","computed":true},"pattern_id":{"type":"string","description":"Pattern ID","description_kind":"plain","computed":true},"proximity_keywords":{"type":["set","string"],"description":"List of proximity keywords","description_kind":"plain","optional":true},"root_type":{"type":"string","description":"Root type","description_kind":"plain","computed":true},"s3_path":{"type":"string","description":"S3 path","description_kind":"plain","computed":true},"updated_at":{"type":"number","description":"Last updated at","description_kind":"plain","computed":true},"updated_by":{"type":"string","description":"Updated by","description_kind":"plain","computed":true}},"block_types":{"regexes":{"nesting_mode":"set","block":{"attributes":{"regex":{"type":"string","description":"Regex","description_kind":"plain","required":true},"weight":{"type":"number","description":"Weight","description_kind":"plain","optional":true}},"description":"List of regexes","description_kind":"plain"},"min_items":1}},"description_kind":"plain"}},"prismacloud_dataprofile":{"version":0,"block":{"attributes":{"created_at":{"type":"string","description":"Created at (unix time)","description_kind":"plain","computed":true},"created_by":{"type":"string","description":"Created by","description_kind":"plain","computed":true},"description":{"type":"string","description":"Profile description","description_kind":"plain","optional":true},"id":{"type":"string","description_kind":"plain","optional":true,"computed":true},"name":{"type":"string","description":"Profile Name","description_kind":"plain","required":true},"profile_id":{"type":"string","description":"Profile ID","description_kind":"plain","computed":true},"profile_status":{"type":"string","description":"Profile status (active or disabled)","description_kind":"plain","optional":true},"profile_type":{"type":"string","description":"Profile Type (custom or system)","description_kind":"plain","optional":true},"status":{"type":"string","description":"Status (hidden or non_hidden)","description_kind":"plain","optional":true},"tenant_id":{"type":"string","description":"Tenant ID","description_kind":"plain","computed":true},"types":{"type":"string","description":"Type (basic or advance)","description_kind":"plain","optional":true},"updated_at":{"type":"string","description":"Updated at (unix time)","description_kind":"plain","computed":true},"updated_by":{"type":"string","description":"Updated by","description_kind":"plain","computed":true}},"block_types":{"data_patterns_rule_1":{"nesting_mode":"list","block":{"attributes":{"operator_type":{"type":"string","description":"Pattern operator type","description_kind":"plain","optional":true}},"block_types":{"data_pattern_rules":{"nesting_mode":"set","block":{"attributes":{"confidence_level":{"type":"string","description":"Confidence level","description_kind":"plain","required":true},"detection_technique":{"type":"string","description":"Detection technique","description_kind":"plain","computed":true},"match_type":{"type":"string","description":"Match type","description_kind":"plain","required":true},"name":{"type":"string","description":"Pattern name","description_kind":"plain","required":true},"occurrence_count":{"type":"number","description":"Occurrence count","description_kind":"plain","optional":true},"occurrence_high":{"type":"number","description":"High Occurrence value","description_kind":"plain","optional":true},"occurrence_low":{"type":"number","description":"Low Occurrence value","description_kind":"plain","optional":true},"occurrence_operator_type":{"type":"string","description":"Occurrence operator type","description_kind":"plain","required":true},"pattern_id":{"type":"string","description":"Pattern ID","description_kind":"plain","computed":true},"supported_confidence_levels":{"type":["set","string"],"description":"List of supported confidence levels","description_kind":"plain","computed":true}},"description":"List of DataPattern Rules","description_kind":"plain"},"min_items":1}},"description":"Model for DataProfile Rules","description_kind":"plain"},"min_items":1,"max_items":1}},"description_kind":"plain"}},"prismacloud_enterprise_settings":{"version":0,"block":{"attributes":{"anomaly_alert_disposition":{"type":"string","description":"Anomaly alert disposition","description_kind":"plain","optional":true},"anomaly_training_model_threshold":{"type":"string","description":"Anomaly training model threshold","description_kind":"plain","optional":true},"apply_default_policies_enabled":{"type":"bool","description":"Apply default policies enabled","description_kind":"plain","optional":true},"default_policies_enabled":{"type":["map","bool"],"description":"Default policies enabled","description_kind":"plain","optional":true},"id":{"type":"string","description_kind":"plain","optional":true,"computed":true},"require_alert_dismissal_note":{"type":"bool","description":"Require alert dismissal note","description_kind":"plain","optional":true},"session_timeout":{"type":"number","description":"Browser session timeout","description_kind":"plain","optional":true},"user_attribution_in_notification":{"type":"bool","description":"User attribution in notification","description_kind":"plain","optional":true}},"description_kind":"plain"}},"prismacloud_integration":{"version":0,"block":{"attributes":{"created_by":{"type":"string","description":"Created by","description_kind":"plain","computed":true},"created_ts":{"type":"number","description":"Created on","description_kind":"plain","computed":true},"description":{"type":"string","description":"Description","description_kind":"plain","optional":true},"enabled":{"type":"bool","description":"Enabled","description_kind":"plain","optional":true},"id":{"type":"string","description_kind":"plain","optional":true,"computed":true},"integration_id":{"type":"string","description":"Integration ID","description_kind":"plain","computed":true},"integration_type":{"type":"string","description":"Integration type","description_kind":"plain","required":true},"last_modified_by":{"type":"string","description":"Last modified by","description_kind":"plain","computed":true},"last_modified_ts":{"type":"number","description":"Last modified timestamp","description_kind":"plain","computed":true},"name":{"type":"string","description":"Name of the integration","description_kind":"plain","required":true},"reason":{"type":["list",["object",{"details":["list",["object",{"message":"string","status_code":"number","subject":"string"}]],"error_type":"string","last_updated":"number","message":"string"}]],"description":"Model for the integration status details","description_kind":"plain","computed":true},"status":{"type":"string","description":"Status","description_kind":"plain","computed":true},"valid":{"type":"bool","description":"Valid","description_kind":"plain","computed":true}},"block_types":{"integration_config":{"nesting_mode":"list","block":{"attributes":{"access_key":{"type":"string","description":"Tenable access key","description_kind":"plain","optional":true},"account_id":{"type":"string","description":"AWS/Azure account ID for AWS Security Hub/Azure Service Bus Queue integration","description_kind":"plain","optional":true},"api_key":{"type":"string","description":"Demisto API key","description_kind":"plain","optional":true},"api_token":{"type":"string","description":"Okta API Token","description_kind":"plain","optional":true},"auth_token":{"type":"string","description":"PagerDuty/Splunk authentication token for the event collector","description_kind":"plain","optional":true},"base_url":{"type":"string","description":"Qualys Security Operations Center server API URL (without \"http(s)\")","description_kind":"plain","optional":true},"connection_string":{"type":"string","description":"Connection string for azure service bus queue integration","description_kind":"plain","optional":true},"domain":{"type":"string","description":"Okta Domain","description_kind":"plain","optional":true},"external_id":{"type":"string","description":"AWS external ID for Amazon S3 integration","description_kind":"plain","optional":true},"host_url":{"type":"string","description":"ServiceNow/Demisto URL","description_kind":"plain","optional":true},"integration_key":{"type":"string","description":"PagerDuty integration key","description_kind":"plain","optional":true},"login":{"type":"string","description":"(Qualys/ServiceNow) Login","description_kind":"plain","optional":true},"org_id":{"type":"string","description":"GCP Organization ID for Google CSCC integration","description_kind":"plain","optional":true},"pass_phrase":{"type":"string","description":"Snow Flake Pass phrase ","description_kind":"plain","optional":true},"password":{"type":"string","description":"(Qualys/ServiceNow) Password","description_kind":"plain","optional":true},"pipe_name":{"type":"string","description":"Snow Flake Pipename","description_kind":"plain","optional":true},"private_key":{"type":"string","description":"Snow Flake private key","description_kind":"plain","optional":true},"queue_url":{"type":"string","description":"The Queue URL you used when you configured Prisma Cloud in Amazon SQS or Azure Service Bus Queue","description_kind":"plain","optional":true},"region":{"type":"string","description":"AWS region for Amazon S3 integration","description_kind":"plain","optional":true},"role_arn":{"type":"string","description":"AWS role ARN for Amazon S3 integration","description_kind":"plain","optional":true},"roll_up_interval":{"type":"number","description":"File Roll Up Time in minutes for AWS S3 integration and snowflake Integration","description_kind":"plain","optional":true},"s3_uri":{"type":"string","description":"AWS S3 URI for Amazon S3 integration","description_kind":"plain","optional":true},"secret_key":{"type":"string","description":"Tenable Secret Key","description_kind":"plain","optional":true},"source_id":{"type":"string","description":"GCP Source ID for Google CSCC integration","description_kind":"plain","optional":true},"source_type":{"type":"string","description":"Source type for splunk integration","description_kind":"plain","optional":true},"staging_integration_id":{"type":"string","description":"Amazon S3 Id for snowflake integration","description_kind":"plain","optional":true},"tables":{"type":["map","bool"],"description":"Key/value pairs that identify the ServiceNow module tables with which to integrate (e.g. - incident, sn_si_incident, or em_event)","description_kind":"plain","optional":true},"url":{"type":"string","description":"Webhook URL or Splunk HTTP event collector URL","description_kind":"plain","optional":true},"user_name":{"type":"string","description":"Snow Flake Username","description_kind":"plain","optional":true},"version":{"type":"string","description":"ServiceNow release version","description_kind":"plain","optional":true}},"block_types":{"headers":{"nesting_mode":"list","block":{"attributes":{"key":{"type":"string","description":"Header name","description_kind":"plain","required":true},"read_only":{"type":"bool","description":"Read only","description_kind":"plain","optional":true},"secure":{"type":"bool","description":"Secure","description_kind":"plain","optional":true},"value":{"type":"string","description":"Header value","description_kind":"plain","required":true}},"description":"Webhook headers","description_kind":"plain"}},"regions":{"nesting_mode":"set","block":{"attributes":{"api_identifier":{"type":"string","description":"AWS region code","description_kind":"plain","optional":true},"cloud_type":{"type":"string","description":"Cloud Type","description_kind":"plain","optional":true},"name":{"type":"string","description":"AWS region name","description_kind":"plain","optional":true}},"description":"AWS regions for AWS Security Hub integration","description_kind":"plain"}}},"description":"Integration configuration, the values depend on the integration type","description_kind":"plain"},"min_items":1,"max_items":1}},"description_kind":"plain"}},"prismacloud_org_cloud_account":{"version":0,"block":{"attributes":{"disable_on_destroy":{"type":"bool","description":"to disable cloud account instead of deleting on calling destroy","description_kind":"plain","optional":true},"id":{"type":"string","description_kind":"plain","optional":true,"computed":true}},"block_types":{"aws":{"nesting_mode":"list","block":{"attributes":{"account_id":{"type":"string","description":"AWS account ID","description_kind":"plain","required":true},"account_type":{"type":"string","description":"Account type - organization or account","description_kind":"plain","optional":true},"enabled":{"type":"bool","description":"Whether or not the account is enabled","description_kind":"plain","optional":true},"external_id":{"type":"string","description":"AWS account external ID","description_kind":"plain","required":true,"sensitive":true},"group_ids":{"type":["set","string"],"description":"List of account IDs to which you are assigning this account","description_kind":"plain","required":true},"member_external_id":{"type":"string","description":"AWS Member account role's external ID","description_kind":"plain","required":true},"member_role_name":{"type":"string","description":"AWS Member account role name","description_kind":"plain","required":true},"member_role_status":{"type":"bool","description":"true = The member role created using stack set exists in all the member accounts. All the Org accounts will be added.\nfalse = Only the master account will be added.","description_kind":"plain","optional":true},"name":{"type":"string","description":"Name to be used for the account on the Prisma Cloud platform (must be unique)","description_kind":"plain","required":true},"protection_mode":{"type":"string","description":"Monitor or Monitor and Protect","description_kind":"plain","optional":true},"role_arn":{"type":"string","description":"Unique identifier for an AWS resource (ARN)","description_kind":"plain","required":true}},"description":"AWS account type","description_kind":"plain"},"max_items":1},"azure":{"nesting_mode":"list","block":{"attributes":{"account_id":{"type":"string","description":"Azure account ID","description_kind":"plain","required":true},"account_type":{"type":"string","description":"Account type - account or tenant","description_kind":"plain","optional":true},"client_id":{"type":"string","description":"Application ID registered with Active Directory","description_kind":"plain","required":true},"enabled":{"type":"bool","description":"Whether or not the account is enabled","description_kind":"plain","optional":true},"group_ids":{"type":["set","string"],"description":"List of account IDs to which you are assigning this account","description_kind":"plain","required":true},"key":{"type":"string","description":"Application ID key","description_kind":"plain","required":true,"sensitive":true},"monitor_flow_logs":{"type":"bool","description":"Automatically ingest flow logs","description_kind":"plain","required":true},"name":{"type":"string","description":"Name to be used for the account on the Prisma Cloud platform (must be unique)","description_kind":"plain","required":true},"protection_mode":{"type":"string","description":"Monitor or Monitor and Protect","description_kind":"plain","optional":true},"service_principal_id":{"type":"string","description":"Unique ID of the service principal object associated with the Prisma Cloud application that you create","description_kind":"plain","required":true},"tenant_id":{"type":"string","description":"Active Directory ID associated with Azure","description_kind":"plain","required":true}},"description":"Azure account type","description_kind":"plain"},"max_items":1},"gcp":{"nesting_mode":"list","block":{"attributes":{"account_group_creation_mode":{"type":"string","description":"Cloud account group creation mode. Valid values - MANUAL, AUTO or RECURSIVE","description_kind":"plain","optional":true},"account_id":{"type":"string","description":"GCP project ID","description_kind":"plain","required":true},"account_type":{"type":"string","description":"Account type - organization or account","description_kind":"plain","optional":true},"compression_enabled":{"type":"bool","description":"Enable flow log compression","description_kind":"plain","optional":true},"credentials_json":{"type":"string","description":"Content of the JSON credentials file","description_kind":"plain","required":true,"sensitive":true},"dataflow_enabled_project":{"type":"string","description":"GCP project for flow log compression","description_kind":"plain","optional":true},"enabled":{"type":"bool","description":"Whether or not the account is enabled","description_kind":"plain","optional":true},"flow_log_storage_bucket":{"type":"string","description":"GCP flow logs storage bucket","description_kind":"plain","optional":true},"group_ids":{"type":["set","string"],"description":"List of account IDs to which you are assigning this account","description_kind":"plain","optional":true},"name":{"type":"string","description":"Name to be used for the account on the Prisma Cloud platform (must be unique)","description_kind":"plain","required":true},"organization_name":{"type":"string","description":"GCP organization name","description_kind":"plain","required":true},"protection_mode":{"type":"string","description":"Protection Mode - Monitor or Monitor and Protect","description_kind":"plain","optional":true}},"block_types":{"hierarchy_selection":{"nesting_mode":"set","block":{"attributes":{"display_name":{"type":"string","description":"Display name for folder, project, or organization","description_kind":"plain","required":true},"node_type":{"type":"string","description":"Node type. Valid values - FOLDER, PROJECT, ORG","description_kind":"plain","required":true},"resource_id":{"type":"string","description":"Resource ID. For folders, format is folders/{folder ID}. For projects, format is {project number}. For orgs, format is organizations/{org ID}","description_kind":"plain","required":true},"selection_type":{"type":"string","description":"Selection type. Valid values: INCLUDE, EXCLUDE, ALL. If hierarchySelection.nodeType is PROJECT or FOLDER, then a valid value is either INCLUDE or EXCLUDE","description_kind":"plain","required":true}},"description":"List of hierarchy selection. Each item has resource id, display name, node type and selection type","description_kind":"plain"}}},"description":"Gcp account type","description_kind":"plain"},"max_items":1},"oci":{"nesting_mode":"list","block":{"attributes":{"account_id":{"type":"string","description":"Org account ID","description_kind":"plain","required":true},"account_type":{"type":"string","description":"Account type - account or tenant","description_kind":"plain","required":true},"default_account_group_id":{"type":"string","description":"Account group id for this account","description_kind":"plain","required":true},"enabled":{"type":"bool","description":"Whether or not the account is enabled","description_kind":"plain","required":true},"group_name":{"type":"string","description":"OCI identity group name that you define. Can be an existing group","description_kind":"plain","required":true},"home_region":{"type":"string","description":"OCI tenancy home region","description_kind":"plain","required":true},"name":{"type":"string","description":"Name to be used for the account on the Prisma Cloud platform (must be unique)","description_kind":"plain","required":true},"policy_name":{"type":"string","description":"OCI identity policy name that you define. Can be an existing policy that has the right policy statements","description_kind":"plain","required":true},"user_name":{"type":"string","description":"OCI identity user name that you define. Can be an existing user that has the right privileges","description_kind":"plain","required":true},"user_ocid":{"type":"string","description":"OCI identity user Ocid that you define. Can be an existing user that has the right privileges","description_kind":"plain","required":true}},"description":"Oci account type","description_kind":"plain"},"max_items":1},"timeouts":{"nesting_mode":"single","block":{"attributes":{"create":{"type":"string","description_kind":"plain","optional":true},"delete":{"type":"string","description_kind":"plain","optional":true},"update":{"type":"string","description_kind":"plain","optional":true}},"description_kind":"plain"}}},"description_kind":"plain"}},"prismacloud_policy":{"version":0,"block":{"attributes":{"cloud_type":{"type":"string","description":"Cloud type (Required for config policies)","description_kind":"plain","optional":true},"created_by":{"type":"string","description":"Created by","description_kind":"plain","computed":true},"created_on":{"type":"number","description":"Created on","description_kind":"plain","computed":true},"deleted":{"type":"bool","description":"Deleted","description_kind":"plain","optional":true},"description":{"type":"string","description":"Description","description_kind":"plain","optional":true},"enabled":{"type":"bool","description":"Enabled","description_kind":"plain","optional":true},"id":{"type":"string","description_kind":"plain","optional":true,"computed":true},"labels":{"type":["set","string"],"description":"Labels","description_kind":"plain","optional":true},"last_modified_by":{"type":"string","description":"Last modified by","description_kind":"plain","computed":true},"last_modified_on":{"type":"number","description":"Last modified on","description_kind":"plain","computed":true},"name":{"type":"string","description":"Name","description_kind":"plain","required":true},"open_alerts_count":{"type":"number","description":"Open alerts count","description_kind":"plain","computed":true},"overridden":{"type":"bool","description":"Overridden","description_kind":"plain","optional":true},"owner":{"type":"string","description":"Owner","description_kind":"plain","computed":true},"policy_category":{"type":"string","description":"Policy category","description_kind":"plain","computed":true},"policy_class":{"type":"string","description":"Policy class","description_kind":"plain","computed":true},"policy_id":{"type":"string","description":"Policy ID","description_kind":"plain","computed":true},"policy_mode":{"type":"string","description":"Policy mode","description_kind":"plain","computed":true},"policy_subtypes":{"type":["list","string"],"description":"Policy subtypes","description_kind":"plain","computed":true},"policy_type":{"type":"string","description":"Policy type","description_kind":"plain","required":true},"recommendation":{"type":"string","description":"Remediation recommendation","description_kind":"plain","optional":true},"remediable":{"type":"bool","description":"Is remediable or not","description_kind":"plain","computed":true},"restrict_alert_dismissal":{"type":"bool","description":"Restrict alert dismissal","description_kind":"plain","optional":true},"rule_last_modified_on":{"type":"number","description":"Rule last modified on","description_kind":"plain","computed":true},"severity":{"type":"string","description":"Severity","description_kind":"plain","optional":true},"system_default":{"type":"bool","description":"If policy is a system default policy or not","description_kind":"plain","computed":true}},"block_types":{"compliance_metadata":{"nesting_mode":"set","block":{"attributes":{"compliance_id":{"type":"string","description":"Compliance Section UUID","description_kind":"plain","required":true},"custom_assigned":{"type":"bool","description":"Custom assigned","description_kind":"plain","computed":true},"policy_id":{"type":"string","description":"Policy ID","description_kind":"plain","computed":true},"requirement_description":{"type":"string","description":"Requirement description","description_kind":"plain","computed":true},"requirement_id":{"type":"string","description":"Requirement ID","description_kind":"plain","computed":true},"requirement_name":{"type":"string","description":"Requirement name","description_kind":"plain","computed":true},"section_description":{"type":"string","description":"Section description","description_kind":"plain","computed":true},"section_id":{"type":"string","description":"Section ID","description_kind":"plain","computed":true},"section_label":{"type":"string","description":"Section label","description_kind":"plain","computed":true},"standard_description":{"type":"string","description":"Compliance standard description","description_kind":"plain","computed":true},"standard_name":{"type":"string","description":"Compliance standard name","description_kind":"plain","computed":true}},"description":"List of compliance data. Each item has compliance standard, requirement, and/or section information","description_kind":"plain"}},"remediation":{"nesting_mode":"list","block":{"attributes":{"cli_script_json_schema_string":{"type":"string","description":"CLI script JSON schema","description_kind":"plain","optional":true},"cli_script_template":{"type":"string","description":"CLI script template","description_kind":"plain","optional":true},"description":{"type":"string","description":"Description","description_kind":"plain","optional":true},"template_type":{"type":"string","description":"Template type","description_kind":"plain","optional":true}},"description":"Model for remediation","description_kind":"plain"},"max_items":1},"rule":{"nesting_mode":"list","block":{"attributes":{"api_name":{"type":"string","description":"API name","description_kind":"plain","optional":true},"cloud_account":{"type":"string","description":"Cloud account","description_kind":"plain","optional":true},"cloud_type":{"type":"string","description":"Cloud type","description_kind":"plain","optional":true},"criteria":{"type":"string","description":"Saved search ID that defines the rule criteria","description_kind":"plain","optional":true},"name":{"type":"string","description":"Name","description_kind":"plain","required":true},"parameters":{"type":["map","string"],"description":"Parameters","description_kind":"plain","optional":true},"resource_id_path":{"type":"string","description":"Resource ID path","description_kind":"plain","optional":true},"resource_type":{"type":"string","description":"Resource type","description_kind":"plain","optional":true},"rule_type":{"type":"string","description":"Type of rule or RQL query","description_kind":"plain","required":true}},"block_types":{"data_criteria":{"nesting_mode":"list","block":{"attributes":{"classification_result":{"type":"string","description":"Data Profile name required for DLP rule criteria","description_kind":"plain","required":true},"exposure":{"type":"string","description":"File exposure","description_kind":"plain","optional":true},"extension":{"type":["set","string"],"description":"File extensions","description_kind":"plain","optional":true}},"description":"Criteria for DLP Rule","description_kind":"plain"},"max_items":1}},"description":"Model for rule","description_kind":"plain"},"min_items":1,"max_items":1},"timeouts":{"nesting_mode":"single","block":{"attributes":{"create":{"type":"string","description_kind":"plain","optional":true},"delete":{"type":"string","description_kind":"plain","optional":true},"update":{"type":"string","description_kind":"plain","optional":true}},"description_kind":"plain"}}},"description_kind":"plain"}},"prismacloud_report":{"version":0,"block":{"attributes":{"cloud_type":{"type":"string","description":"Cloud type (Required parameter for Compliance report and Cloud Security Assessment report)","description_kind":"plain","optional":true},"compliance_standard_id":{"type":"string","description":"Compliance Standard ID","description_kind":"plain","computed":true},"counts":{"type":["list",["object",{"failed":"number","high_severity_failed":"number","low_severity_failed":"number","medium_severity_failed":"number","passed":"number","total":"number"}]],"description":"Model for compliance aggregate count","description_kind":"plain","computed":true},"created_by":{"type":"string","description":"Created by","description_kind":"plain","computed":true},"created_on":{"type":"number","description":"Created on","description_kind":"plain","computed":true},"id":{"type":"string","description_kind":"plain","optional":true,"computed":true},"last_modified_by":{"type":"string","description":"Last modified by","description_kind":"plain","computed":true},"last_modified_on":{"type":"number","description":"Last modified on","description_kind":"plain","computed":true},"last_scheduled":{"type":"number","description":"Last scheduled","description_kind":"plain","computed":true},"name":{"type":"string","description":"Report Name","description_kind":"plain","required":true},"next_schedule":{"type":"number","description":"Next schedule","description_kind":"plain","computed":true},"report_id":{"type":"string","description":"Report ID","description_kind":"plain","computed":true},"report_type":{"type":"string","description":"Report type","description_kind":"plain","required":true},"status":{"type":"string","description":"Report status","description_kind":"plain","computed":true},"total_instance_count":{"type":"number","description":"Total instance count","description_kind":"plain","computed":true}},"block_types":{"target":{"nesting_mode":"list","block":{"attributes":{"account_groups":{"type":["set","string"],"description":"List of cloud account groups","description_kind":"plain","optional":true},"accounts":{"type":["set","string"],"description":"List of cloud accounts","description_kind":"plain","optional":true},"compliance_standard_ids":{"type":["set","string"],"description":"List of compliance standard IDs","description_kind":"plain","optional":true},"compression_enabled":{"type":"bool","description":"Business unit detailed report compression enabled","description_kind":"plain","optional":true},"download_now":{"type":"bool","description":"True = download now","description_kind":"plain","optional":true},"notification_template_id":{"type":"string","description":"Notification template id","description_kind":"plain","optional":true},"notify_to":{"type":["set","string"],"description":"List of email addresses to receive notification","description_kind":"plain","optional":true},"regions":{"type":["set","string"],"description":"List of regions","description_kind":"plain","optional":true},"resource_groups":{"type":["set","string"],"description":"List of resource groups","description_kind":"plain","optional":true},"schedule":{"type":"string","description":"Recurring report schedule in RRULE format","description_kind":"plain","optional":true},"schedule_enabled":{"type":"bool","description":"Report scheduling enabled","description_kind":"plain","optional":true}},"block_types":{"time_range":{"nesting_mode":"list","block":{"block_types":{"absolute":{"nesting_mode":"list","block":{"attributes":{"end":{"type":"number","description":"End time","description_kind":"plain","required":true},"start":{"type":"number","description":"Start time","description_kind":"plain","required":true}},"description":"An absolute time range","description_kind":"plain"},"max_items":1},"relative":{"nesting_mode":"list","block":{"attributes":{"amount":{"type":"number","description":"The time number","description_kind":"plain","required":true},"unit":{"type":"string","description":"The time unit","description_kind":"plain","required":true}},"description":"Relative time range","description_kind":"plain"},"max_items":1},"to_now":{"nesting_mode":"list","block":{"attributes":{"unit":{"type":"string","description":"The time unit","description_kind":"plain","required":true}},"description":"From some time in the past to now","description_kind":"plain"},"max_items":1}},"description":"The time range spec","description_kind":"plain"},"max_items":1}},"description":"Model for report target","description_kind":"plain"},"min_items":1,"max_items":1}},"description_kind":"plain"}},"prismacloud_rql_search":{"version":0,"block":{"attributes":{"cloud_type":{"type":"string","description":"The cloud type","description_kind":"plain","computed":true},"config_data":{"type":["list",["object",{"name":"string","state_id":"string","url":"string"}]],"description":"List of config data structs","description_kind":"plain","computed":true},"description":{"type":"string","description":"The description","description_kind":"plain","computed":true},"event_data":{"type":["list",["object",{"account":"string","region_api_identifier":"string","region_id":"number"}]],"description":"List of event data structs","description_kind":"plain","computed":true},"group_by":{"type":["list","string"],"description":"Group by","description_kind":"plain","computed":true},"iam_data":{"type":["list",["object",{"accessed_resources_count":"number","dest_cloud_account":"string","dest_cloud_region":"string","dest_cloud_resource_rrn":"string","dest_cloud_service_name":"string","dest_cloud_type":"string","dest_resource_id":"string","dest_resource_name":"string","dest_resource_type":"string","effective_action_name":"string","exceptions":["list",["object",{"message_code":"string"}]],"granted_by_cloud_entity_id":"string","granted_by_cloud_entity_name":"string","granted_by_cloud_entity_rrn":"string","granted_by_cloud_entity_type":"string","granted_by_cloud_policy_id":"string","granted_by_cloud_policy_name":"string","granted_by_cloud_policy_rrn":"string","granted_by_cloud_policy_type":"string","granted_by_cloud_type":"string","is_wild_card_dest_cloud_resource_name":"bool","last_access_date":"string","message_id":"string","source_cloud_account":"string","source_cloud_region":"string","source_cloud_resource_rrn":"string","source_cloud_service_name":"string","source_cloud_type":"string","source_idp_domain":"string","source_idp_email":"string","source_idp_group":"string","source_idp_rrn":"string","source_idp_service":"string","source_idp_user_name":"string","source_public":"bool","source_resource_id":"string","source_resource_name":"string","source_resource_type":"string"}]],"description":"List of iam data structs","description_kind":"plain","computed":true},"id":{"type":"string","description_kind":"plain","optional":true,"computed":true},"limit":{"type":"number","description":"Limit results","description_kind":"plain","optional":true},"name":{"type":"string","description":"The search name","description_kind":"plain","computed":true},"network_data":{"type":["list",["object",{"account":"string","account_name":"string","region_id":"number"}]],"description":"List of network data structs","description_kind":"plain","computed":true},"query":{"type":"string","description":"The RQL search to perform","description_kind":"plain","required":true},"saved":{"type":"bool","description":"Is search saved","description_kind":"plain","computed":true},"search_id":{"type":"string","description":"The search ID","description_kind":"plain","computed":true},"search_type":{"type":"string","description":"The search type","description_kind":"plain","optional":true}},"block_types":{"time_range":{"nesting_mode":"list","block":{"block_types":{"absolute":{"nesting_mode":"list","block":{"attributes":{"end":{"type":"number","description":"End time","description_kind":"plain","required":true},"start":{"type":"number","description":"Start time","description_kind":"plain","required":true}},"description":"An absolute time range","description_kind":"plain"},"max_items":1},"relative":{"nesting_mode":"list","block":{"attributes":{"amount":{"type":"number","description":"The time number","description_kind":"plain","required":true},"unit":{"type":"string","description":"The time unit","description_kind":"plain","required":true}},"description":"Relative time range","description_kind":"plain"},"max_items":1},"to_now":{"nesting_mode":"list","block":{"attributes":{"unit":{"type":"string","description":"The time unit","description_kind":"plain","required":true}},"description":"From some time in the past to now","description_kind":"plain"},"max_items":1}},"description":"The time range spec","description_kind":"plain"},"max_items":1}},"description_kind":"plain"}},"prismacloud_saved_search":{"version":0,"block":{"attributes":{"description":{"type":"string","description":"Description","description_kind":"plain","optional":true},"id":{"type":"string","description_kind":"plain","optional":true,"computed":true},"name":{"type":"string","description":"Saved search name","description_kind":"plain","required":true},"query":{"type":"string","description":"The RQL search to perform","description_kind":"plain","required":true},"saved":{"type":"bool","description":"Set to true when the saved search is created","description_kind":"plain","computed":true},"search_id":{"type":"string","description":"The RQL UUID","description_kind":"plain","required":true}},"block_types":{"time_range":{"nesting_mode":"list","block":{"block_types":{"absolute":{"nesting_mode":"list","block":{"attributes":{"end":{"type":"number","description":"End time","description_kind":"plain","required":true},"start":{"type":"number","description":"Start time","description_kind":"plain","required":true}},"description":"An absolute time range","description_kind":"plain"},"max_items":1},"relative":{"nesting_mode":"list","block":{"attributes":{"amount":{"type":"number","description":"The time number","description_kind":"plain","required":true},"unit":{"type":"string","description":"The time unit","description_kind":"plain","required":true}},"description":"Relative time range","description_kind":"plain"},"max_items":1},"to_now":{"nesting_mode":"list","block":{"attributes":{"unit":{"type":"string","description":"The time unit","description_kind":"plain","required":true}},"description":"From some time in the past to now","description_kind":"plain"},"max_items":1}},"description":"The time range spec","description_kind":"plain"},"max_items":1}},"description_kind":"plain"}},"prismacloud_user_role":{"version":0,"block":{"attributes":{"account_group_ids":{"type":["set","string"],"description":"Accessible account group IDs","description_kind":"plain","optional":true},"account_groups":{"type":["list",["object",{"group_id":"string","name":"string"}]],"description":"Associated account groups","description_kind":"plain","computed":true},"associated_users":{"type":["set","string"],"description":"Associated application users which cannot exist in the system without the user role","description_kind":"plain","optional":true},"description":{"type":"string","description":"Description","description_kind":"plain","optional":true},"id":{"type":"string","description_kind":"plain","optional":true,"computed":true},"last_modified_by":{"type":"string","description":"Last modified by","description_kind":"plain","computed":true},"last_modified_ts":{"type":"number","description":"Last modified timestamp","description_kind":"plain","computed":true},"name":{"type":"string","description":"Name of the role","description_kind":"plain","required":true},"restrict_dismissal_access":{"type":"bool","description":"Restrict dismissal access","description_kind":"plain","optional":true},"role_id":{"type":"string","description":"Role UUID","description_kind":"plain","computed":true},"role_type":{"type":"string","description":"User role type","description_kind":"plain","required":true}},"block_types":{"additional_attributes":{"nesting_mode":"list","block":{"attributes":{"has_defender_permissions":{"type":"bool","description":"Has defender Permissions","description_kind":"plain","optional":true},"only_allow_ci_access":{"type":"bool","description":"Allows only CI Access","description_kind":"plain","optional":true},"only_allow_compute_access":{"type":"bool","description":"Give access to only compute tab and access key tab","description_kind":"plain","optional":true},"only_allow_read_access":{"type":"bool","description":"Allow only read access","description_kind":"plain","optional":true}},"description":"Additional Parameters","description_kind":"plain"},"max_items":1}},"description_kind":"plain"}}},"data_source_schemas":{"prismacloud_account_group":{"version":0,"block":{"attributes":{"account_ids":{"type":["set","string"],"description":"Cloud account IDs","description_kind":"plain","computed":true},"child_group_ids":{"type":["set","string"],"description":"Child account group IDs","description_kind":"plain","computed":true},"description":{"type":"string","description":"Description","description_kind":"plain","computed":true},"group_id":{"type":"string","description":"Account group ID","description_kind":"plain","optional":true,"computed":true},"id":{"type":"string","description_kind":"plain","optional":true,"computed":true},"last_modified_by":{"type":"string","description":"Last modified by","description_kind":"plain","computed":true},"last_modified_ts":{"type":"number","description":"Last modified timestamp","description_kind":"plain","computed":true},"name":{"type":"string","description":"Name of the group","description_kind":"plain","optional":true,"computed":true}},"description_kind":"plain"}},"prismacloud_account_groups":{"version":0,"block":{"attributes":{"id":{"type":"string","description_kind":"plain","optional":true,"computed":true},"listing":{"type":["list",["object",{"accounts":["list",["object",{"account_id":"string","account_type":"string","name":"string"}]],"alert_rules":["list",["object",{"alert_id":"string","name":"string"}]],"group_id":"string","name":"string","parent_info":["list",["object",{"auto_created":"bool","group_id":"string","name":"string"}]]}]],"description":"List of accounts","description_kind":"plain","computed":true},"total":{"type":"number","description":"Total number of account groups","description_kind":"plain","computed":true}},"description_kind":"plain"}},"prismacloud_alert_rule":{"version":0,"block":{"attributes":{"allow_auto_remediate":{"type":"bool","description":"Allow auto-remediation","description_kind":"plain","computed":true},"delay_notification_ms":{"type":"number","description":"Delay notifications by the specified milliseconds","description_kind":"plain","computed":true},"description":{"type":"string","description":"Description","description_kind":"plain","computed":true},"enabled":{"type":"bool","description":"Enabled","description_kind":"plain","computed":true},"excluded_policies":{"type":["set","string"],"description":"List of policies to exclude from scan","description_kind":"plain","computed":true},"id":{"type":"string","description_kind":"plain","optional":true,"computed":true},"last_modified_by":{"type":"string","description":"Last modified by","description_kind":"plain","computed":true},"last_modified_on":{"type":"number","description":"Last modified on","description_kind":"plain","computed":true},"name":{"type":"string","description":"Rule/Scan name","description_kind":"plain","optional":true,"computed":true},"notification_channels":{"type":["set","string"],"description":"List of notification channels","description_kind":"plain","computed":true},"notification_config":{"type":["list",["object",{"config_id":"string","config_type":"string","day_of_month":"number","days_of_week":["list",["object",{"day":"string","offset":"number"}]],"detailed_report":"bool","enabled":"bool","frequency":"string","frequency_from_r_rule":"string","hour_of_day":"number","include_remediation":"bool","last_sent_ts":"number","last_updated":"number","r_rule_schedule":"string","recipients":["set","string"],"template_id":"string","timezone_id":"string","with_compression":"bool"}]],"description":"List of data for notifications to third-party tools","description_kind":"plain","computed":true},"notify_on_dismissed":{"type":"bool","description":"Include dismissed alerts in notification","description_kind":"plain","computed":true},"notify_on_open":{"type":"bool","description":"Include open alerts in notification","description_kind":"plain","computed":true},"notify_on_resolved":{"type":"bool","description":"Include resolved alerts in notification","description_kind":"plain","computed":true},"notify_on_snoozed":{"type":"bool","description":"Include snoozed alerts in notification","description_kind":"plain","computed":true},"open_alerts_count":{"type":"number","description":"Open alerts count","description_kind":"plain","computed":true},"owner":{"type":"string","description":"Owner","description_kind":"plain","computed":true},"policies":{"type":["set","string"],"description":"List of specific policies to scan","description_kind":"plain","computed":true},"policy_labels":{"type":["set","string"],"description":"Policy labels","description_kind":"plain","computed":true},"policy_scan_config_id":{"type":"string","description":"Policy scan config ID","description_kind":"plain","optional":true,"computed":true},"read_only":{"type":"bool","description":"Read only","description_kind":"plain","computed":true},"scan_all":{"type":"bool","description":"Scan all policies","description_kind":"plain","computed":true},"target":{"type":["list",["object",{"account_groups":["set","string"],"excluded_accounts":["set","string"],"regions":["set","string"],"tags":["list",["object",{"key":"string","values":["list","string"]}]]}]],"description":"Model for the target filter","description_kind":"plain","computed":true}},"description_kind":"plain"}},"prismacloud_alert_rules":{"version":0,"block":{"attributes":{"id":{"type":"string","description_kind":"plain","optional":true,"computed":true},"listing":{"type":["list",["object",{"deleted":"bool","description":"string","enabled":"bool","name":"string","open_alerts_count":"number","owner":"string","policies":["set","string"],"policy_scan_config_id":"string","read_only":"bool","scan_all":"bool"}]],"description":"List of alert rules","description_kind":"plain","computed":true},"total":{"type":"number","description":"Total number of alert rules","description_kind":"plain","computed":true}},"description_kind":"plain"}},"prismacloud_alerts":{"version":0,"block":{"attributes":{"id":{"type":"string","description_kind":"plain","optional":true,"computed":true},"limit":{"type":"number","description":"Max number of alerts to return.  This uses the v2 version of the API, where the default and max is 10,000.","description_kind":"plain","optional":true},"listing":{"type":["list",["object",{"alert_count":"number","alert_id":"string","alert_time":"number","event_occurred":"number","first_seen":"number","last_seen":"number","status":"string","triggered_by":"string"}]],"description":"Alert listing","description_kind":"plain","computed":true},"page_token":{"type":"string","description":"The next page token returned","description_kind":"plain","computed":true},"sort_by":{"type":["list","string"],"description":"Array of sort properties. Append :asc or :desc to the key to sort by ascending or descending order respectively.","description_kind":"plain","optional":true},"total":{"type":"number","description":"Total number of alerts","description_kind":"plain","computed":true}},"block_types":{"filters":{"nesting_mode":"list","block":{"attributes":{"name":{"type":"string","description":"Param name to filter on","description_kind":"plain","required":true},"operator":{"type":"string","description":"Operator between the name and value params","description_kind":"plain","optional":true},"value":{"type":"string","description":"Param value for the filter","description_kind":"plain","required":true}},"description":"Filtering parameters","description_kind":"plain"}},"time_range":{"nesting_mode":"list","block":{"block_types":{"absolute":{"nesting_mode":"list","block":{"attributes":{"end":{"type":"number","description":"End time","description_kind":"plain","required":true},"start":{"type":"number","description":"Start time","description_kind":"plain","required":true}},"description":"An absolute time range","description_kind":"plain"},"max_items":1},"relative":{"nesting_mode":"list","block":{"attributes":{"amount":{"type":"number","description":"The time number","description_kind":"plain","required":true},"unit":{"type":"string","description":"The time unit","description_kind":"plain","required":true}},"description":"Relative time range","description_kind":"plain"},"max_items":1},"to_now":{"nesting_mode":"list","block":{"attributes":{"unit":{"type":"string","description":"The time unit","description_kind":"plain","required":true}},"description":"From some time in the past to now","description_kind":"plain"},"max_items":1}},"description":"The time range spec","description_kind":"plain"},"max_items":1}},"description_kind":"plain"}},"prismacloud_cloud_account":{"version":0,"block":{"attributes":{"account_id":{"type":"string","description":"The cloud account ID","description_kind":"plain","optional":true,"computed":true},"alibaba_cloud":{"type":["list",["object",{"account_id":"string","enabled":"bool","group_ids":["set","string"],"name":"string","ram_arn":"string"}]],"description":"Alibaba account type","description_kind":"plain","computed":true},"aws":{"type":["list",["object",{"account_id":"string","account_type":"string","enabled":"bool","external_id":"string","group_ids":["set","string"],"name":"string","protection_mode":"string","role_arn":"string"}]],"description":"AWS account type","description_kind":"plain","computed":true},"azure":{"type":["list",["object",{"account_id":"string","account_type":"string","client_id":"string","enabled":"bool","group_ids":["set","string"],"key":"string","monitor_flow_logs":"bool","name":"string","protection_mode":"string","service_principal_id":"string","tenant_id":"string"}]],"description":"Azure account type","description_kind":"plain","computed":true},"cloud_type":{"type":"string","description":"The cloud type","description_kind":"plain","required":true},"gcp":{"type":["list",["object",{"account_id":"string","account_type":"string","compression_enabled":"bool","credentials_json":"string","dataflow_enabled_project":"string","enabled":"bool","flow_log_storage_bucket":"string","group_ids":["set","string"],"name":"string","protection_mode":"string"}]],"description":"GCP account type","description_kind":"plain","computed":true},"id":{"type":"string","description_kind":"plain","optional":true,"computed":true},"name":{"type":"string","description":"The cloud account name","description_kind":"plain","optional":true,"computed":true}},"description_kind":"plain"}},"prismacloud_cloud_accounts":{"version":0,"block":{"attributes":{"id":{"type":"string","description_kind":"plain","optional":true,"computed":true},"listing":{"type":["list",["object",{"account_id":"string","cloud_type":"string","name":"string"}]],"description":"List of accounts","description_kind":"plain","computed":true},"total":{"type":"number","description":"Total number of cloud accounts","description_kind":"plain","computed":true}},"description_kind":"plain"}},"prismacloud_compliance_standard":{"version":0,"block":{"attributes":{"cloud_types":{"type":["list","string"],"description":"Cloud type (determined based on policies assigned)","description_kind":"plain","computed":true},"created_by":{"type":"string","description":"Created by","description_kind":"plain","computed":true},"created_on":{"type":"number","description":"Created on","description_kind":"plain","computed":true},"cs_id":{"type":"string","description":"Compliance standard ID","description_kind":"plain","optional":true,"computed":true},"description":{"type":"string","description":"Description","description_kind":"plain","computed":true},"id":{"type":"string","description_kind":"plain","optional":true,"computed":true},"last_modified_by":{"type":"string","description":"Last modified by","description_kind":"plain","computed":true},"last_modified_on":{"type":"number","description":"Last modified on","description_kind":"plain","computed":true},"name":{"type":"string","description":"Compliance standard name","description_kind":"plain","optional":true,"computed":true},"policies_assigned_count":{"type":"number","description":"Number of assigned policies","description_kind":"plain","computed":true},"system_default":{"type":"bool","description":"System default","description_kind":"plain","computed":true}},"description_kind":"plain"}},"prismacloud_compliance_standard_requirement":{"version":0,"block":{"attributes":{"created_by":{"type":"string","description":"Created by","description_kind":"plain","computed":true},"created_on":{"type":"number","description":"Created on","description_kind":"plain","computed":true},"cs_id":{"type":"string","description":"Compliance standard ID","description_kind":"plain","required":true},"csr_id":{"type":"string","description":"Compliance standard requirement ID","description_kind":"plain","optional":true,"computed":true},"description":{"type":"string","description":"Description","description_kind":"plain","computed":true},"id":{"type":"string","description_kind":"plain","optional":true,"computed":true},"last_modified_by":{"type":"string","description":"Last modified by","description_kind":"plain","computed":true},"last_modified_on":{"type":"number","description":"Last modified on","description_kind":"plain","computed":true},"name":{"type":"string","description":"Compliance requirement name","description_kind":"plain","optional":true,"computed":true},"policies_assigned_count":{"type":"number","description":"Number of assigned policies","description_kind":"plain","computed":true},"requirement_id":{"type":"string","description":"Compliance requirement number","description_kind":"plain","computed":true},"standard_name":{"type":"string","description":"Compliance standard name","description_kind":"plain","computed":true},"system_default":{"type":"bool","description":"System default","description_kind":"plain","computed":true},"view_order":{"type":"number","description":"View order","description_kind":"plain","computed":true}},"description_kind":"plain"}},"prismacloud_compliance_standard_requirement_section":{"version":0,"block":{"attributes":{"associated_policy_ids":{"type":["list","string"],"description":"List of associated policy IDs","description_kind":"plain","computed":true},"created_by":{"type":"string","description":"Created by","description_kind":"plain","computed":true},"created_on":{"type":"number","description":"Created on","description_kind":"plain","computed":true},"csr_id":{"type":"string","description":"Compliance standard requirement ID","description_kind":"plain","required":true},"csrs_id":{"type":"string","description":"Compliance standard requirement section ID","description_kind":"plain","optional":true,"computed":true},"description":{"type":"string","description":"Description","description_kind":"plain","computed":true},"id":{"type":"string","description_kind":"plain","optional":true,"computed":true},"label":{"type":"string","description":"Section label","description_kind":"plain","computed":true},"last_modified_by":{"type":"string","description":"Last modified by","description_kind":"plain","computed":true},"last_modified_on":{"type":"number","description":"Last modified on","description_kind":"plain","computed":true},"policies_assigned_count":{"type":"number","description":"Number of assigned policies","description_kind":"plain","computed":true},"requirement_name":{"type":"string","description":"Compliance requirement name","description_kind":"plain","computed":true},"section_count":{"type":"number","description":"Number of system supported and custom compliance standard requirement sections","description_kind":"plain","computed":true},"section_id":{"type":"string","description":"Compliance section ID","description_kind":"plain","optional":true,"computed":true},"standard_name":{"type":"string","description":"Compliance standard name","description_kind":"plain","computed":true},"system_default":{"type":"bool","description":"System default","description_kind":"plain","computed":true},"view_order":{"type":"number","description":"View order","description_kind":"plain","computed":true}},"description_kind":"plain"}},"prismacloud_compliance_standard_requirement_sections":{"version":0,"block":{"attributes":{"csr_id":{"type":"string","description":"Compliance standard requirement ID","description_kind":"plain","required":true},"id":{"type":"string","description_kind":"plain","optional":true,"computed":true},"listing":{"type":["list",["object",{"associated_policy_ids":["list","string"],"created_by":"string","created_on":"number","csrs_id":"string","description":"string","label":"string","last_modified_by":"string","last_modified_on":"number","policies_assigned_count":"number","requirement_name":"string","section_id":"string","standard_name":"string","system_default":"bool","view_order":"number"}]],"description":"List of all compliance requirement sections","description_kind":"plain","computed":true},"total":{"type":"number","description":"Total number of system supported and custom compliance standard requirement sections","description_kind":"plain","computed":true}},"description_kind":"plain"}},"prismacloud_compliance_standard_requirements":{"version":0,"block":{"attributes":{"cs_id":{"type":"string","description":"Compliance standard ID","description_kind":"plain","required":true},"id":{"type":"string","description_kind":"plain","optional":true,"computed":true},"listing":{"type":["list",["object",{"created_by":"string","created_on":"number","csr_id":"string","description":"string","last_modified_by":"string","last_modified_on":"number","name":"string","policies_assigned_count":"number","requirement_id":"string","standard_name":"string","system_default":"bool","view_order":"number"}]],"description":"List of all compliance requirements","description_kind":"plain","computed":true},"total":{"type":"number","description":"Total number of system supported and custom appliance standard requirements","description_kind":"plain","computed":true}},"description_kind":"plain"}},"prismacloud_compliance_standards":{"version":0,"block":{"attributes":{"id":{"type":"string","description_kind":"plain","optional":true,"computed":true},"listing":{"type":["list",["object",{"cloud_types":["list","string"],"created_by":"string","created_on":"number","cs_id":"string","description":"string","last_modified_by":"string","last_modified_on":"number","name":"string","policies_assigned_count":"number","system_default":"bool"}]],"description":"List of system supported and custom compliance standards","description_kind":"plain","computed":true},"total":{"type":"number","description":"Total number of system supported and custom compliance standards","description_kind":"plain","computed":true}},"description_kind":"plain"}},"prismacloud_datapattern":{"version":0,"block":{"attributes":{"created_by":{"type":"string","description":"Created by","description_kind":"plain","computed":true},"description":{"type":"string","description":"Pattern description","description_kind":"plain","computed":true},"detection_technique":{"type":"string","description":"Detection technique","description_kind":"plain","computed":true},"entity":{"type":"string","description":"Entity value","description_kind":"plain","computed":true},"grammar":{"type":"string","description":"Grammar value","description_kind":"plain","computed":true},"id":{"type":"string","description_kind":"plain","optional":true,"computed":true},"is_editable":{"type":"bool","description":"Is editable","description_kind":"plain","computed":true},"mode":{"type":"string","description":"Mode - predefined or custom","description_kind":"plain","computed":true},"name":{"type":"string","description":"Pattern name","description_kind":"plain","optional":true,"computed":true},"parent_id":{"type":"string","description":"Parent ID","description_kind":"plain","computed":true},"pattern_id":{"type":"string","description":"Pattern ID","description_kind":"plain","optional":true,"computed":true},"proximity_keywords":{"type":["set","string"],"description":"List of proximity keywords","description_kind":"plain","computed":true},"regexes":{"type":["set",["object",{"regex":"string","weight":"number"}]],"description":"List of regexes","description_kind":"plain","computed":true},"root_type":{"type":"string","description":"Root type","description_kind":"plain","computed":true},"s3_path":{"type":"string","description":"S3 path","description_kind":"plain","computed":true},"updated_at":{"type":"number","description":"Last updated at","description_kind":"plain","computed":true},"updated_by":{"type":"string","description":"Updated by","description_kind":"plain","computed":true}},"description_kind":"plain"}},"prismacloud_datapatterns":{"version":0,"block":{"attributes":{"id":{"type":"string","description_kind":"plain","optional":true,"computed":true},"listing":{"type":["list",["object",{"created_by":"string","detection_technique":"string","is_editable":"bool","mode":"string","name":"string","pattern_id":"string","updated_at":"number","updated_by":"string"}]],"description":"List of data patterns","description_kind":"plain","computed":true},"total":{"type":"number","description":"Total number of data patterns","description_kind":"plain","computed":true}},"description_kind":"plain"}},"prismacloud_dataprofile":{"version":0,"block":{"attributes":{"created_at":{"type":"string","description":"Created at (unix time)","description_kind":"plain","computed":true},"created_by":{"type":"string","description":"Created by","description_kind":"plain","computed":true},"data_patterns_rule_1":{"type":["list",["object",{"data_pattern_rules":["list",["object",{"confidence_level":"string","detection_technique":"string","match_type":"string","name":"string","occurrence_count":"number","occurrence_high":"number","occurrence_low":"number","occurrence_operator_type":"string","pattern_id":"string","supported_confidence_levels":["set","string"]}]],"operator_type":"string"}]],"description":"Model for DataProfile Rules","description_kind":"plain","computed":true},"description":{"type":"string","description":"Profile description","description_kind":"plain","computed":true},"id":{"type":"string","description_kind":"plain","optional":true,"computed":true},"name":{"type":"string","description":"Profile Name","description_kind":"plain","optional":true,"computed":true},"profile_id":{"type":"string","description":"Profile ID","description_kind":"plain","optional":true,"computed":true},"profile_status":{"type":"string","description":"Profile status (active or disabled)","description_kind":"plain","computed":true},"profile_type":{"type":"string","description":"Profile type (custom or system)","description_kind":"plain","computed":true},"status":{"type":"string","description":"Status (hidden or non_hidden)","description_kind":"plain","computed":true},"tenant_id":{"type":"string","description":"Tenant ID","description_kind":"plain","computed":true},"types":{"type":"string","description":"Type (basic or advance)","description_kind":"plain","computed":true},"updated_at":{"type":"string","description":"Updated at (unix time)","description_kind":"plain","computed":true},"updated_by":{"type":"string","description":"Updated by","description_kind":"plain","computed":true}},"description_kind":"plain"}},"prismacloud_dataprofiles":{"version":0,"block":{"attributes":{"id":{"type":"string","description_kind":"plain","optional":true,"computed":true},"listing":{"type":["list",["object",{"created_by":"string","name":"string","profile_id":"string","profile_status":"string","updated_at":"string","updated_by":"string"}]],"description":"List of data profiles","description_kind":"plain","computed":true},"total":{"type":"number","description":"Total number of data profiles","description_kind":"plain","computed":true}},"description_kind":"plain"}},"prismacloud_enterprise_settings":{"version":0,"block":{"attributes":{"anomaly_alert_disposition":{"type":"string","description":"Anomaly alert disposition","description_kind":"plain","computed":true},"anomaly_training_model_threshold":{"type":"string","description":"Anomaly training model threshold","description_kind":"plain","computed":true},"apply_default_policies_enabled":{"type":"bool","description":"Apply default policies enabled","description_kind":"plain","computed":true},"default_policies_enabled":{"type":["map","bool"],"description":"Default policies enabled","description_kind":"plain","computed":true},"id":{"type":"string","description_kind":"plain","optional":true,"computed":true},"require_alert_dismissal_note":{"type":"bool","description":"Require alert dismissal note","description_kind":"plain","computed":true},"session_timeout":{"type":"number","description":"Browser session timeout","description_kind":"plain","computed":true},"user_attribution_in_notification":{"type":"bool","description":"User attribution in notification","description_kind":"plain","computed":true}},"description_kind":"plain"}},"prismacloud_integration":{"version":0,"block":{"attributes":{"created_by":{"type":"string","description":"Created by","description_kind":"plain","computed":true},"created_ts":{"type":"number","description":"Created on","description_kind":"plain","computed":true},"description":{"type":"string","description":"Description","description_kind":"plain","computed":true},"enabled":{"type":"bool","description":"Enabled","description_kind":"plain","computed":true},"id":{"type":"string","description_kind":"plain","optional":true,"computed":true},"integration_config":{"type":["list",["object",{"access_key":"string","account_id":"string","api_key":"string","api_token":"string","auth_token":"string","base_url":"string","connection_string":"string","domain":"string","external_id":"string","headers":["list",["object",{"key":"string","read_only":"bool","secure":"bool","value":"string"}]],"host_url":"string","integration_key":"string","login":"string","org_id":"string","pass_phrase":"string","password":"string","pipe_name":"string","private_key":"string","queue_url":"string","region":"string","regions":["set",["object",{"api_identifier":"string","cloud_type":"string","name":"string"}]],"role_arn":"string","roll_up_interval":"number","s3_uri":"string","secret_key":"string","source_id":"string","source_type":"string","staging_integration_id":"string","tables":["map","bool"],"url":"string","user_name":"string","version":"string"}]],"description":"Integration configuration, the values depend on the integration type","description_kind":"plain","computed":true},"integration_id":{"type":"string","description":"Integration ID","description_kind":"plain","optional":true,"computed":true},"integration_type":{"type":"string","description":"Integration type","description_kind":"plain","computed":true},"last_modified_by":{"type":"string","description":"Last modified by","description_kind":"plain","computed":true},"last_modified_ts":{"type":"number","description":"Last modified timestamp","description_kind":"plain","computed":true},"name":{"type":"string","description":"Name of the integration","description_kind":"plain","optional":true,"computed":true},"reason":{"type":["list",["object",{"details":["list",["object",{"message":"string","status_code":"number","subject":"string"}]],"error_type":"string","last_updated":"number","message":"string"}]],"description":"Model for the integration status details","description_kind":"plain","computed":true},"status":{"type":"string","description":"Status","description_kind":"plain","computed":true},"valid":{"type":"bool","description":"Valid","description_kind":"plain","computed":true}},"description_kind":"plain"}},"prismacloud_integrations":{"version":0,"block":{"attributes":{"id":{"type":"string","description_kind":"plain","optional":true,"computed":true},"listing":{"type":["list",["object",{"description":"string","enabled":"bool","integration_id":"string","integration_type":"string","name":"string","status":"string","valid":"bool"}]],"description":"List of all integrations","description_kind":"plain","computed":true},"total":{"type":"number","description":"Total number of all integrations","description_kind":"plain","computed":true}},"description_kind":"plain"}},"prismacloud_org_cloud_account":{"version":0,"block":{"attributes":{"account_id":{"type":"string","description":"The cloud account ID","description_kind":"plain","optional":true,"computed":true},"aws":{"type":["list",["object",{"account_id":"string","account_type":"string","enabled":"bool","external_id":"string","group_ids":["set","string"],"member_external_id":"string","member_role_name":"string","member_role_status":"bool","name":"string","protection_mode":"string","role_arn":"string"}]],"description":"AWS account type","description_kind":"plain","computed":true},"azure":{"type":["list",["object",{"account_id":"string","account_type":"string","client_id":"string","enabled":"bool","group_ids":["set","string"],"key":"string","monitor_flow_logs":"bool","name":"string","protection_mode":"string","service_principal_id":"string","tenant_id":"string"}]],"description":"Azure account type","description_kind":"plain","computed":true},"cloud_type":{"type":"string","description":"The cloud type","description_kind":"plain","required":true},"gcp":{"type":["list",["object",{"account_group_creation_mode":"string","account_id":"string","account_type":"string","compression_enabled":"bool","credentials_json":"string","dataflow_enabled_project":"string","enabled":"bool","flow_log_storage_bucket":"string","group_ids":["set","string"],"hierarchy_selection":["list",["object",{"display_name":"string","node_type":"string","resource_id":"string","selection_type":"string"}]],"name":"string","organization_name":"string","protection_mode":"string"}]],"description":"GCP account type","description_kind":"plain","computed":true},"id":{"type":"string","description_kind":"plain","optional":true,"computed":true},"name":{"type":"string","description":"The cloud account name","description_kind":"plain","optional":true,"computed":true}},"block_types":{"oci":{"nesting_mode":"list","block":{"attributes":{"account_id":{"type":"string","description":"Oci account ID","description_kind":"plain","computed":true},"account_type":{"type":"string","description":"Account type - account or tenant","description_kind":"plain","computed":true},"default_account_group_id":{"type":"string","description":"Account group id for this account","description_kind":"plain","computed":true},"enabled":{"type":"bool","description":"Whether or not the account is enabled","description_kind":"plain","computed":true},"group_name":{"type":"string","description":"OCI identity group name that you define. Can be an existing group","description_kind":"plain","computed":true},"home_region":{"type":"string","description":"OCI tenancy home region","description_kind":"plain","computed":true},"name":{"type":"string","description":"Name to be used for the account on the Prisma Cloud platform (must be unique)","description_kind":"plain","computed":true},"policy_name":{"type":"string","description":"OCI identity policy name that you define. Can be an existing policy that has the right policy statements","description_kind":"plain","computed":true},"user_name":{"type":"string","description":"OCI identity user name that you define. Can be an existing user that has the right privileges","description_kind":"plain","computed":true},"user_ocid":{"type":"string","description":"OCI identity user ocid that you define. Can be an existing user that has the right privileges","description_kind":"plain","computed":true}},"description":"Oci account type","description_kind":"plain"},"max_items":1}},"description_kind":"plain"}},"prismacloud_org_cloud_accounts":{"version":0,"block":{"attributes":{"id":{"type":"string","description_kind":"plain","optional":true,"computed":true},"listing":{"type":["list",["object",{"account_id":"string","cloud_type":"string","name":"string"}]],"description":"List of accounts","description_kind":"plain","computed":true},"total":{"type":"number","description":"Total number of cloud accounts","description_kind":"plain","computed":true}},"description_kind":"plain"}},"prismacloud_policies":{"version":0,"block":{"attributes":{"filters":{"type":["map","string"],"description":"Filter policy results","description_kind":"plain","optional":true},"id":{"type":"string","description_kind":"plain","optional":true,"computed":true},"listing":{"type":["list",["object",{"cloud_type":"string","deleted":"bool","description":"string","enabled":"bool","labels":["set","string"],"name":"string","open_alerts_count":"number","overridden":"bool","policy_id":"string","policy_mode":"string","policy_type":"string","recommendation":"string","remediable":"bool","severity":"string","system_default":"bool"}]],"description":"List of policies","description_kind":"plain","computed":true},"total":{"type":"number","description":"Total number of policies","description_kind":"plain","computed":true}},"description_kind":"plain"}},"prismacloud_policy":{"version":0,"block":{"attributes":{"cloud_type":{"type":"string","description":"Cloud type (Required for config policies)","description_kind":"plain","computed":true},"compliance_metadata":{"type":["list",["object",{"compliance_id":"string","custom_assigned":"bool","policy_id":"string","requirement_description":"string","requirement_id":"string","requirement_name":"string","section_description":"string","section_id":"string","section_label":"string","standard_description":"string","standard_name":"string"}]],"description":"List of compliance data. Each item has compliance standard, requirement, and/or section information","description_kind":"plain","computed":true},"created_by":{"type":"string","description":"Created by","description_kind":"plain","computed":true},"created_on":{"type":"number","description":"Created on","description_kind":"plain","computed":true},"deleted":{"type":"bool","description":"Deleted","description_kind":"plain","computed":true},"description":{"type":"string","description":"Description","description_kind":"plain","computed":true},"enabled":{"type":"bool","description":"Enabled","description_kind":"plain","computed":true},"id":{"type":"string","description_kind":"plain","optional":true,"computed":true},"labels":{"type":["set","string"],"description":"Labels","description_kind":"plain","computed":true},"last_modified_by":{"type":"string","description":"Last modified by","description_kind":"plain","computed":true},"last_modified_on":{"type":"number","description":"Last modified on","description_kind":"plain","computed":true},"name":{"type":"string","description":"Policy name","description_kind":"plain","optional":true,"computed":true},"open_alerts_count":{"type":"number","description":"Open alerts count","description_kind":"plain","computed":true},"overridden":{"type":"bool","description":"Overridden","description_kind":"plain","computed":true},"owner":{"type":"string","description":"Owner","description_kind":"plain","computed":true},"policy_category":{"type":"string","description":"Policy category","description_kind":"plain","computed":true},"policy_class":{"type":"string","description":"Policy class","description_kind":"plain","computed":true},"policy_id":{"type":"string","description":"Policy ID","description_kind":"plain","optional":true,"computed":true},"policy_mode":{"type":"string","description":"Policy mode","description_kind":"plain","computed":true},"policy_subtypes":{"type":["list","string"],"description":"Policy subtypes","description_kind":"plain","computed":true},"policy_type":{"type":"string","description":"Policy type","description_kind":"plain","computed":true},"recommendation":{"type":"string","description":"Remediation recommendation","description_kind":"plain","computed":true},"remediable":{"type":"bool","description":"Is remediable or not","description_kind":"plain","computed":true},"remediation":{"type":["list",["object",{"cli_script_json_schema_string":"string","cli_script_template":"string","description":"string","template_type":"string"}]],"description":"Model for remediation","description_kind":"plain","computed":true},"restrict_alert_dismissal":{"type":"bool","description":"Restrict alert dismissal","description_kind":"plain","computed":true},"rule":{"type":["list",["object",{"api_name":"string","cloud_account":"string","cloud_type":"string","criteria":"string","data_criteria":["list",["object",{"classification_result":"string","exposure":"string","extension":["set","string"]}]],"name":"string","parameters":["map","string"],"resource_id_path":"string","resource_type":"string","rule_type":"string"}]],"description":"Model for rule","description_kind":"plain","computed":true},"rule_last_modified_on":{"type":"number","description":"Rule last modified on","description_kind":"plain","computed":true},"severity":{"type":"string","description":"Severity","description_kind":"plain","computed":true},"system_default":{"type":"bool","description":"If policy is a system default policy or not","description_kind":"plain","computed":true}},"description_kind":"plain"}},"prismacloud_report":{"version":0,"block":{"attributes":{"cloud_type":{"type":"string","description":"Cloud type","description_kind":"plain","computed":true},"compliance_standard_id":{"type":"string","description":"Compliance Standard ID","description_kind":"plain","computed":true},"counts":{"type":["list",["object",{"failed":"number","high_severity_failed":"number","low_severity_failed":"number","medium_severity_failed":"number","passed":"number","total":"number"}]],"description":"Model for compliance aggregate count","description_kind":"plain","computed":true},"created_by":{"type":"string","description":"Created by","description_kind":"plain","computed":true},"created_on":{"type":"number","description":"Created on","description_kind":"plain","computed":true},"id":{"type":"string","description_kind":"plain","optional":true,"computed":true},"last_modified_by":{"type":"string","description":"Last modified by","description_kind":"plain","computed":true},"last_modified_on":{"type":"number","description":"Last modified on","description_kind":"plain","computed":true},"last_scheduled":{"type":"number","description":"Last scheduled","description_kind":"plain","computed":true},"name":{"type":"string","description":"Report name","description_kind":"plain","optional":true,"computed":true},"next_schedule":{"type":"number","description":"Next schedule","description_kind":"plain","computed":true},"report_id":{"type":"string","description":"Report ID","description_kind":"plain","optional":true,"computed":true},"report_type":{"type":"string","description":"Report type","description_kind":"plain","computed":true},"status":{"type":"string","description":"Report status","description_kind":"plain","computed":true},"target":{"type":["list",["object",{"account_groups":["set","string"],"accounts":["set","string"],"compliance_standard_ids":["set","string"],"compression_enabled":"bool","download_now":"bool","notification_template_id":"string","notify_to":["set","string"],"regions":["set","string"],"resource_groups":["set","string"],"schedule":"string","schedule_enabled":"bool","time_range":["list",["object",{"absolute":["list",["object",{"end":"number","start":"number"}]],"relative":["list",["object",{"amount":"number","unit":"string"}]],"to_now":["list",["object",{"unit":"string"}]]}]]}]],"description":"Model for report target","description_kind":"plain","computed":true},"total_instance_count":{"type":"number","description":"Total instance count","description_kind":"plain","computed":true}},"description_kind":"plain"}},"prismacloud_reports":{"version":0,"block":{"attributes":{"id":{"type":"string","description_kind":"plain","optional":true,"computed":true},"listing":{"type":["list",["object",{"cloud_type":"string","name":"string","report_id":"string","report_type":"string","status":"string"}]],"description":"List of reports","description_kind":"plain","computed":true},"total":{"type":"number","description":"Total number of reports","description_kind":"plain","computed":true}},"description_kind":"plain"}},"prismacloud_rql_historic_search":{"version":0,"block":{"attributes":{"cloud_type":{"type":"string","description":"Cloud type","description_kind":"plain","computed":true},"description":{"type":"string","description":"Description","description_kind":"plain","computed":true},"id":{"type":"string","description_kind":"plain","optional":true,"computed":true},"name":{"type":"string","description":"Historic RQL search name","description_kind":"plain","optional":true,"computed":true},"query":{"type":"string","description":"RQL query","description_kind":"plain","computed":true},"saved":{"type":"bool","description":"If this is a saved search","description_kind":"plain","computed":true},"search_id":{"type":"string","description":"Historic RQL search ID","description_kind":"plain","optional":true,"computed":true},"search_type":{"type":"string","description":"Search type","description_kind":"plain","computed":true},"time_range":{"type":["list",["object",{"absolute":["list",["object",{"end":"number","start":"number"}]],"relative":["list",["object",{"amount":"number","relative_time_type":"string","unit":"string"}]],"to_now":["list",["object",{"unit":"string"}]]}]],"description":"The time range spec","description_kind":"plain","computed":true}},"description_kind":"plain"}},"prismacloud_rql_historic_searches":{"version":0,"block":{"attributes":{"filter":{"type":"string","description":"Filter for historic RQL searches","description_kind":"plain","optional":true},"id":{"type":"string","description_kind":"plain","optional":true,"computed":true},"limit":{"type":"number","description":"Max number of historic RQL searches to return","description_kind":"plain","optional":true},"listing":{"type":["list",["object",{"created_by":"string","last_modified_by":"string","name":"string","saved":"bool","search_id":"string","search_type":"string"}]],"description":"List of historic RQL searches","description_kind":"plain","computed":true},"total":{"type":"number","description":"Total number of RQL saved searches","description_kind":"plain","computed":true}},"description_kind":"plain"}}}}}}
