{"format_version":"0.2","provider_schemas":{"registry.terraform.io/paloaltonetworks/prismacloudcompute":{"provider":{"version":0,"block":{"attributes":{"config_file":{"type":"string","description":"Configuration file in JSON format. See examples/creds.json","description_kind":"plain","optional":true},"console_url":{"type":"string","description":"The Prisma Cloud Compute Console URL","description_kind":"plain","optional":true},"password":{"type":"string","description":"Prisma Cloud Compute password","description_kind":"plain","optional":true,"sensitive":true},"skip_cert_verification":{"type":"bool","description":"Whether or not to skip certificate verification","description_kind":"plain","optional":true},"username":{"type":"string","description":"Prisma Cloud Compute username","description_kind":"plain","optional":true}},"description_kind":"plain"}},"resource_schemas":{"prismacloudcompute_ci_image_compliance_policy":{"version":0,"block":{"attributes":{"id":{"type":"string","description":"The ID of the policy.","description_kind":"plain","computed":true}},"block_types":{"rule":{"nesting_mode":"list","block":{"attributes":{"collections":{"type":["list","string"],"description":"Collections used to scope the rule.","description_kind":"plain","optional":true},"disabled":{"type":"bool","description":"Whether or not to disable the rule.","description_kind":"plain","optional":true},"effect":{"type":"string","description":"The effect of the rule. Can be set to 'ignore', 'alert', 'block', or 'alert, block'.","description_kind":"plain","optional":true},"name":{"type":"string","description":"Unique name of the rule.","description_kind":"plain","optional":true},"notes":{"type":"string","description":"Free-form text field.","description_kind":"plain","optional":true},"verbose":{"type":"bool","description":"Whether or not to provide verbose output for blocked requests.","description_kind":"plain","optional":true}},"block_types":{"compliance_check":{"nesting_mode":"list","block":{"attributes":{"block":{"type":"bool","description":"Whether or not to block if this check is failed. Setting to 'false' will only alert if the check is failed.","description_kind":"plain","optional":true},"id":{"type":"number","description":"Compliance check number.","description_kind":"plain","optional":true}},"description":"Compliance checks. Omitted checks are ignored.","description_kind":"plain"}}},"description":"Rules that make up the policy.","description_kind":"plain"}}},"description_kind":"plain"}},"prismacloudcompute_ci_image_vulnerability_policy":{"version":0,"block":{"attributes":{"id":{"type":"string","description":"The ID of the policy.","description_kind":"plain","computed":true}},"block_types":{"rule":{"nesting_mode":"list","block":{"attributes":{"block_message":{"type":"string","description":"Message to display when an image is blocked.","description_kind":"plain","optional":true},"collections":{"type":["list","string"],"description":"Collections used to scope the rule.","description_kind":"plain","optional":true},"disabled":{"type":"bool","description":"Whether or not to disable the rule.","description_kind":"plain","optional":true},"effect":{"type":"string","description":"The effect of the rule. Can be set to 'ignore', 'alert', 'block', or 'alert, block'.","description_kind":"plain","optional":true},"grace_days":{"type":"number","description":"Number of days to suppress the rule's block effect. Measured from date the vulnerability was fixed. If there's no fix, measured from the date the vulnerability was published.","description_kind":"plain","optional":true},"name":{"type":"string","description":"Unique name of the rule.","description_kind":"plain","optional":true},"notes":{"type":"string","description":"Free-form text field.","description_kind":"plain","optional":true},"only_fixed":{"type":"bool","description":"Whether or not to apply the rule only when vendor fixes are available.","description_kind":"plain","optional":true},"verbose":{"type":"bool","description":"Whether or not to display a detailed message when blocked.","description_kind":"plain","optional":true}},"block_types":{"alert_threshold":{"nesting_mode":"list","block":{"attributes":{"disabled":{"type":"bool","description":"Whether or not to disable vulnerability alerts.","description_kind":"plain","optional":true},"value":{"type":"number","description":"Minimum vulnerability severity to generate an alert. Can be set to 0=off, 1=low, 4=medium, 7=high, and 9=critical.","description_kind":"plain","optional":true}},"description":"Threshold for generating alerts.","description_kind":"plain"},"max_items":1},"block_threshold":{"nesting_mode":"list","block":{"attributes":{"enabled":{"type":"bool","description":"Whether or not to block when vulnerabilities are found.","description_kind":"plain","optional":true},"value":{"type":"number","description":"Minimum vulnerability severity to block. Can be set to 0=off, 1=low, 4=medium, 7=high, and 9=critical.","description_kind":"plain","optional":true}},"description":"Threshold for blocking.","description_kind":"plain"},"max_items":1},"cve_rule":{"nesting_mode":"list","block":{"attributes":{"description":{"type":"string","description":"Free-form text field.","description_kind":"plain","optional":true},"effect":{"type":"string","description":"Action to take if the CVE is found. Can be set to 'ignore', 'alert', or 'block'.","description_kind":"plain","optional":true},"id":{"type":"string","description":"CVE ID.","description_kind":"plain","optional":true}},"block_types":{"expiration":{"nesting_mode":"list","block":{"attributes":{"date":{"type":"string","description":"Expiration date.","description_kind":"plain","optional":true},"enabled":{"type":"bool","description":"Whether or not to enable the CVE rule expiration.","description_kind":"plain","optional":true}},"description":"CVE rule expiration.","description_kind":"plain"},"max_items":1}},"description":"List of rules for handling specific CVEs.","description_kind":"plain"}},"tag_rule":{"nesting_mode":"list","block":{"attributes":{"description":{"type":"string","description":"Free-form text field.","description_kind":"plain","optional":true},"effect":{"type":"string","description":"Action to take if a tagged CVE is found. Can be set to 'ignore', 'alert', or 'block'.","description_kind":"plain","optional":true},"name":{"type":"string","description":"Tag name.","description_kind":"plain","optional":true}},"block_types":{"expiration":{"nesting_mode":"list","block":{"attributes":{"date":{"type":"string","description":"Expiration date.","description_kind":"plain","optional":true},"enabled":{"type":"bool","description":"Whether or not to enable the tag rule expiration.","description_kind":"plain","optional":true}},"description":"Tag rule expiration.","description_kind":"plain"},"max_items":1}},"description":"List of rules for handling specific tags.","description_kind":"plain"}}},"description":"Rules that make up the policy.","description_kind":"plain"}}},"description_kind":"plain"}},"prismacloudcompute_collection":{"version":0,"block":{"attributes":{"account_ids":{"type":["list","string"],"description":"Targeted cloud account IDs.","description_kind":"plain","optional":true},"application_ids":{"type":["list","string"],"description":"Targeted application IDs (for app-embedded). Values must end in a wildcard (*).","description_kind":"plain","optional":true},"clusters":{"type":["list","string"],"description":"Targeted cluster names.","description_kind":"plain","optional":true},"code_repositories":{"type":["list","string"],"description":"Targeted code repositories.","description_kind":"plain","optional":true},"color":{"type":"string","description":"A hex color code for the collection to display in the Console.","description_kind":"plain","optional":true},"containers":{"type":["list","string"],"description":"Targeted containers.","description_kind":"plain","optional":true},"description":{"type":"string","description":"A free-form text description of the collection.","description_kind":"plain","optional":true},"functions":{"type":["list","string"],"description":"Targeted functions.","description_kind":"plain","optional":true},"hosts":{"type":["list","string"],"description":"Targeted hosts.","description_kind":"plain","optional":true},"id":{"type":"string","description":"The ID of the collection.","description_kind":"plain","computed":true},"images":{"type":["list","string"],"description":"Targeted images.","description_kind":"plain","optional":true},"labels":{"type":["list","string"],"description":"Targeted labels.","description_kind":"plain","optional":true},"name":{"type":"string","description":"A unique collection name.","description_kind":"plain","required":true},"namespaces":{"type":["list","string"],"description":"Targeted cluster namespaces.","description_kind":"plain","optional":true}},"description_kind":"plain"}},"prismacloudcompute_container_compliance_policy":{"version":0,"block":{"attributes":{"id":{"type":"string","description":"The ID of the policy.","description_kind":"plain","computed":true}},"block_types":{"rule":{"nesting_mode":"list","block":{"attributes":{"block_message":{"type":"string","description":"Message to display for blocked requests.","description_kind":"plain","optional":true},"collections":{"type":["list","string"],"description":"Collections used to scope the rule.","description_kind":"plain","optional":true},"disabled":{"type":"bool","description":"Whether or not to disable the rule.","description_kind":"plain","optional":true},"effect":{"type":"string","description":"The effect of the rule. Can be set to 'ignore', 'alert', 'block', or 'alert, block'.","description_kind":"plain","optional":true},"name":{"type":"string","description":"Unique name of the rule.","description_kind":"plain","optional":true},"notes":{"type":"string","description":"Free-form text field.","description_kind":"plain","optional":true},"show_passed_checks":{"type":"bool","description":"Whether or not to report both failed and passed compliance checks.","description_kind":"plain","optional":true},"verbose":{"type":"bool","description":"Whether or not to provide verbose output for blocked requests.","description_kind":"plain","optional":true}},"block_types":{"compliance_check":{"nesting_mode":"list","block":{"attributes":{"block":{"type":"bool","description":"Whether or not to block if this check is failed. Setting to 'false' will only alert if the check is failed.","description_kind":"plain","optional":true},"id":{"type":"number","description":"Compliance check number.","description_kind":"plain","optional":true}},"description":"Compliance checks. Omitted checks are ignored.","description_kind":"plain"}}},"description":"Rules that make up the policy.","description_kind":"plain"}}},"description_kind":"plain"}},"prismacloudcompute_container_runtime_policy":{"version":0,"block":{"attributes":{"id":{"type":"string","description":"The ID of the policy.","description_kind":"plain","computed":true},"learning_disabled":{"type":"bool","description":"Whether or not to disable automatic behavioral learning.","description_kind":"plain","optional":true}},"block_types":{"rule":{"nesting_mode":"list","block":{"attributes":{"advanced_protection":{"type":"bool","description":"Whether or not to enable advanced protection.","description_kind":"plain","optional":true},"cloud_metadata_enforcement":{"type":"bool","description":"Whether or not to enable cloud metadata access monitoring.","description_kind":"plain","optional":true},"collections":{"type":["list","string"],"description":"Collections used to scope the rule.","description_kind":"plain","optional":true},"disabled":{"type":"bool","description":"Whether or not to disable the rule.","description_kind":"plain","optional":true},"kubernetes_enforcement":{"type":"bool","description":"Whether or not to detect attacks against the cluster.","description_kind":"plain","optional":true},"name":{"type":"string","description":"Unique name of the rule.","description_kind":"plain","required":true},"notes":{"type":"string","description":"Free-form text field.","description_kind":"plain","optional":true},"wildfire_analysis":{"type":"string","description":"The effect to be used when WildFire analysis is enabled. Can be set to 'block', 'alert', or 'disable'.","description_kind":"plain","optional":true}},"block_types":{"custom_rule":{"nesting_mode":"list","block":{"attributes":{"action":{"type":"string","description":"The action to perform if the custom rule applies. Can be set to 'audit' or 'incident'.","description_kind":"plain","optional":true},"effect":{"type":"string","description":"The effect to be used. Can be set to 'block', 'prevent', 'alert', or 'allow'.","description_kind":"plain","optional":true},"id":{"type":"number","description":"Custom rule number.","description_kind":"plain","optional":true}},"description":"List of custom rules.","description_kind":"plain"}},"dns":{"nesting_mode":"list","block":{"attributes":{"allowed":{"type":["list","string"],"description":"Allowed domains. Wildcard prefixes are supported.","description_kind":"plain","optional":true},"denied":{"type":["list","string"],"description":"Denied domains. Wildcard prefixes are supported.","description_kind":"plain","optional":true},"deny_effect":{"type":"string","description":"The effect to be used. Can be set to 'block', 'prevent', 'alert', or 'disable'.","description_kind":"plain","optional":true}},"description":"DNS configuration.","description_kind":"plain"},"max_items":1},"filesystem":{"nesting_mode":"list","block":{"attributes":{"allowed":{"type":["list","string"],"description":"List of allowed file system paths.","description_kind":"plain","optional":true},"backdoor_files":{"type":"bool","description":"Whether or not to monitor files that can create or persist backdoors (SSH or admin account config files).","description_kind":"plain","optional":true},"check_new_files":{"type":"bool","description":"Whether or not to detect changes to binaries and certificates.","description_kind":"plain","optional":true},"denied":{"type":["list","string"],"description":"List of denied file system paths.","description_kind":"plain","optional":true},"deny_effect":{"type":"string","description":"The effect to be used. Can be set to 'block', 'prevent', 'alert', or 'disable'.","description_kind":"plain","optional":true},"skip_encrypted_binaries":{"type":"bool","description":"Whether or not to skip encrypted binaries.","description_kind":"plain","optional":true},"suspicious_elf_headers":{"type":"bool","description":"Whether or not to detect suspicious ELF headers.","description_kind":"plain","optional":true}},"description":"File system configuration.","description_kind":"plain"},"max_items":1},"network":{"nesting_mode":"list","block":{"attributes":{"allowed_outbound_ips":{"type":["list","string"],"description":"List of allowed outbound IP addresses.","description_kind":"plain","optional":true},"denied_outbound_ips":{"type":["list","string"],"description":"List of denied outbound IP addresses.","description_kind":"plain","optional":true},"deny_effect":{"type":"string","description":"The effect to be used. Can be set to 'block', 'alert', or 'disable'.","description_kind":"plain","optional":true},"detect_port_scan":{"type":"bool","description":"Whether or not to detect port scans.","description_kind":"plain","optional":true},"skip_modified_processes":{"type":"bool","description":"Whether or not to skip network monitoring for modified processes.","description_kind":"plain","optional":true},"skip_raw_sockets":{"type":"bool","description":"Whether or not to skip raw socket detection.","description_kind":"plain","optional":true}},"block_types":{"allowed_listening_port":{"nesting_mode":"list","block":{"attributes":{"deny":{"type":"bool","description":"Whether or not to deny the connection.","description_kind":"plain","optional":true},"end":{"type":"number","description":"End of the port range.","description_kind":"plain","optional":true},"start":{"type":"number","description":"Start of the port range.","description_kind":"plain","optional":true}},"description":"List of allowed listening ports.","description_kind":"plain"}},"allowed_outbound_port":{"nesting_mode":"list","block":{"attributes":{"deny":{"type":"bool","description":"Whether or not to deny the connection.","description_kind":"plain","optional":true},"end":{"type":"number","description":"End of the port range.","description_kind":"plain","optional":true},"start":{"type":"number","description":"Start of the port range.","description_kind":"plain","optional":true}},"description":"List of allowed outbound ports.","description_kind":"plain"}},"denied_listening_port":{"nesting_mode":"list","block":{"attributes":{"deny":{"type":"bool","description":"Whether or not to deny the connection.","description_kind":"plain","optional":true},"end":{"type":"number","description":"End of the port range.","description_kind":"plain","optional":true},"start":{"type":"number","description":"Start of the port range.","description_kind":"plain","optional":true}},"description":"List of denied listening ports.","description_kind":"plain"}},"denied_outbound_port":{"nesting_mode":"list","block":{"attributes":{"deny":{"type":"bool","description":"Whether or not to deny the connection.","description_kind":"plain","optional":true},"end":{"type":"number","description":"End of the port range.","description_kind":"plain","optional":true},"start":{"type":"number","description":"Start of the port range.","description_kind":"plain","optional":true}},"description":"List of denied outbound ports.","description_kind":"plain"}}},"description":"Network configuration.","description_kind":"plain"},"max_items":1},"processes":{"nesting_mode":"list","block":{"attributes":{"allowed":{"type":["list","string"],"description":"List of allowed processes.","description_kind":"plain","optional":true},"check_crypto_miners":{"type":"bool","description":"Whether or not to detect crypto miners.","description_kind":"plain","optional":true},"check_lateral_movement":{"type":"bool","description":"Whether or not to detect processes that can be used for lateral movement exploits.","description_kind":"plain","optional":true},"check_parent_child":{"type":"bool","description":"Whether or not to check for parent-child relationship when comparing spawned processes in the model.","description_kind":"plain","optional":true},"check_suid_binaries":{"type":"bool","description":"Whether or not to check for process-elevating privileges (SUID bit).","description_kind":"plain","optional":true},"denied":{"type":["list","string"],"description":"List of denied processes.","description_kind":"plain","optional":true},"deny_effect":{"type":"string","description":"The effect to be used. Can be set to 'block', 'prevent', 'alert', or 'disable'.","description_kind":"plain","optional":true},"skip_modified":{"type":"bool","description":"Whether or not to skip detection of processes started from modified binaries","description_kind":"plain","optional":true},"skip_reverse_shell":{"type":"bool","description":"Whether or not skip detection of reverse shells.","description_kind":"plain","optional":true}},"description":"Processes configuration.","description_kind":"plain"},"max_items":1}},"description":"Rules that make up the policy.","description_kind":"plain"}}},"description_kind":"plain"}},"prismacloudcompute_credential":{"version":0,"block":{"attributes":{"account_id":{"type":"string","description":"Account identifier (username, access key, etc.).","description_kind":"plain","optional":true},"ca_cert":{"type":"string","description":"CA certificate for certificate-based authentication.","description_kind":"plain","optional":true},"description":{"type":"string","description":"Description of the credential.","description_kind":"plain","optional":true},"ibm_account_guid":{"type":"string","description":"IBM Cloud account GUID.","description_kind":"plain","optional":true},"id":{"type":"string","description":"The ID of the credential.","description_kind":"plain","computed":true},"name":{"type":"string","description":"Unique name for the credential.","description_kind":"plain","optional":true,"computed":true},"role_arn":{"type":"string","description":"Amazon Resource Name (ARN) of the role to assume.","description_kind":"plain","optional":true},"skip_cert_verification":{"type":"bool","description":"SkipVerify if should skip certificate verification in tls communication.","description_kind":"plain","optional":true},"type":{"type":"string","description":"Credential type.","description_kind":"plain","optional":true},"url":{"type":"string","description":"URL is the server base url.","description_kind":"plain","optional":true},"use_aws_role":{"type":"bool","description":"Indicates if authentication should be done with the instance's attached credentials (EC2 IAM Role).","description_kind":"plain","optional":true}},"block_types":{"api_token":{"nesting_mode":"list","block":{"attributes":{"encrypted":{"type":"string","description":"Encrypted value for the secret","description_kind":"plain","computed":true},"plain":{"type":"string","description":"Plain text value for the secret. Note: marshalling to JSON will convert to an encrypted value","description_kind":"plain","optional":true}},"description":"The plain and encrypted version of the API token (the plain version is never stored in the database)","description_kind":"plain"},"max_items":1},"secret":{"nesting_mode":"list","block":{"attributes":{"encrypted":{"type":"string","description":"Encrypted value for the secret","description_kind":"plain","computed":true},"plain":{"type":"string","description":"Plain text value for the secret. Note: marshalling to JSON will convert to an encrypted value","description_kind":"plain","optional":true}},"description":"Plain and encrypted version of the credential (the plain version is never stored in the database)","description_kind":"plain"},"max_items":1}},"description_kind":"plain"}},"prismacloudcompute_group":{"version":0,"block":{"attributes":{"group_id":{"type":"string","description":"Group ID.","description_kind":"plain","optional":true},"id":{"type":"string","description":"The ID of the group.","description_kind":"plain","computed":true},"ldap_group":{"type":"bool","description":"Whether or not the group is an LDAP group.","description_kind":"plain","optional":true},"name":{"type":"string","description":"Group name.","description_kind":"plain","optional":true},"oauth_group":{"type":"bool","description":"Whether or not the group is an OAuth group.","description_kind":"plain","optional":true},"oidc_group":{"type":"bool","description":"Whether or not the group is an OpenID Connect group.","description_kind":"plain","optional":true},"role":{"type":"string","description":"Role of the group.","description_kind":"plain","optional":true},"saml_group":{"type":"bool","description":"Whether or not the group is a SAML group.","description_kind":"plain","optional":true},"users":{"type":["list","string"],"description":"Users in the group.","description_kind":"plain","optional":true}},"block_types":{"permissions":{"nesting_mode":"list","block":{"attributes":{"collections":{"type":["list","string"],"description":"Specifies the set of Defenders in-scope for working on a scan job.","description_kind":"plain","optional":true},"project":{"type":"string","description":"Names of projects which the user can access.","description_kind":"plain","optional":true}},"description":"List of permissions.","description_kind":"plain"}}},"description_kind":"plain"}},"prismacloudcompute_host_compliance_policy":{"version":0,"block":{"attributes":{"id":{"type":"string","description":"The ID of the policy.","description_kind":"plain","computed":true}},"block_types":{"rule":{"nesting_mode":"list","block":{"attributes":{"block_message":{"type":"string","description":"Message to display for blocked requests.","description_kind":"plain","optional":true},"collections":{"type":["list","string"],"description":"Collections used to scope the rule.","description_kind":"plain","optional":true},"disabled":{"type":"bool","description":"Whether or not to disable the rule.","description_kind":"plain","optional":true},"effect":{"type":"string","description":"The effect of the rule. Can be set to 'ignore', 'alert', 'block', or 'alert, block'.","description_kind":"plain","optional":true},"name":{"type":"string","description":"Unique name of the rule.","description_kind":"plain","optional":true},"notes":{"type":"string","description":"Free-form text field.","description_kind":"plain","optional":true},"show_passed_checks":{"type":"bool","description":"Whether or not to report both failed and passed compliance checks.","description_kind":"plain","optional":true},"verbose":{"type":"bool","description":"Whether or not to provide verbose output for blocked requests.","description_kind":"plain","optional":true}},"block_types":{"compliance_check":{"nesting_mode":"list","block":{"attributes":{"block":{"type":"bool","description":"Whether or not to block if this check is failed. Setting to 'false' will only alert if the check is failed.","description_kind":"plain","optional":true},"id":{"type":"number","description":"Compliance check number.","description_kind":"plain","optional":true}},"description":"Compliance checks. Omitted checks are ignored.","description_kind":"plain"}}},"description":"Rules that make up the policy.","description_kind":"plain"}}},"description_kind":"plain"}},"prismacloudcompute_host_runtime_policy":{"version":0,"block":{"attributes":{"id":{"type":"string","description":"The ID of the policy.","description_kind":"plain","computed":true}},"block_types":{"rule":{"nesting_mode":"list","block":{"attributes":{"collections":{"type":["list","string"],"description":"Collections used to scope the rule.","description_kind":"plain","optional":true},"disabled":{"type":"bool","description":"Whether or not to disable the rule.","description_kind":"plain","optional":true},"name":{"type":"string","description":"Unique name of the rule.","description_kind":"plain","optional":true},"notes":{"type":"string","description":"Free-form text field.","description_kind":"plain","optional":true}},"block_types":{"activities":{"nesting_mode":"list","block":{"attributes":{"disabled":{"type":"bool","description":"Whether or not to disable host activity collection.","description_kind":"plain","optional":true},"docker_enabled":{"type":"bool","description":"Whether or not to collect docker commands.","description_kind":"plain","optional":true},"readonly_docker_enabled":{"type":"bool","description":"Whether or not to collect read-only docker commands.","description_kind":"plain","optional":true},"service_activities_enabled":{"type":"bool","description":"Whether or not to collect activity from services.","description_kind":"plain","optional":true},"sshd_enabled":{"type":"bool","description":"Whether or not to collect new SSH sessions.","description_kind":"plain","optional":true},"sudo_enabled":{"type":"bool","description":"Whether or not to collect commands ran with sudo or su.","description_kind":"plain","optional":true}},"description":"Activities configuration.","description_kind":"plain"},"max_items":1},"antimalware":{"nesting_mode":"list","block":{"attributes":{"allowed_processes":{"type":["list","string"],"description":"List of processes and files to allow during anti-malware checks.","description_kind":"plain","optional":true},"crypto_miners":{"type":"string","description":"The effect to be used when crypto miners are detected. Can be set to 'prevent', 'alert', or 'disable'.","description_kind":"plain","optional":true},"custom_feed":{"type":"string","description":"The effect to be used when malware from custom feeds is detected. Can be set to 'alert' or 'disable'.","description_kind":"plain","optional":true},"detect_compiler_generated_binary":{"type":"bool","description":"Whether or not to detect compiler-generated binaries.","description_kind":"plain","optional":true},"encrypted_binaries":{"type":"string","description":"The effect to be used when encrypted or packed binaries are detected. Can be set to 'alert' or 'disable'.","description_kind":"plain","optional":true},"execution_flow_hijack":{"type":"string","description":"The effect to be used when execution flow hijacking is detected. Can be set to 'alert' or 'disable'.","description_kind":"plain","optional":true},"intelligence_feed":{"type":"string","description":"The effect to be used when malware according to Prisma Cloud Compute is detected. Can be set to 'alert' or 'disable'.","description_kind":"plain","optional":true},"reverse_shell":{"type":"string","description":"The effect to be used when reverse shell attacks are detected. Can be set to 'alert' or 'disable'.","description_kind":"plain","optional":true},"service_unknown_origin_binary":{"type":"string","description":"The effect to be used when non-packaged binaries are created or ran by a service. Can be set to 'prevent', 'alert', or 'disable'.","description_kind":"plain","optional":true},"skip_ssh_tracking":{"type":"bool","description":"Whether or not to skip tracking of SSH events.","description_kind":"plain","optional":true},"suspicious_elf_headers":{"type":"string","description":"The effect to be used when binaries with suspicious ELF headers are detected. Can be set to 'alert' or 'disable'.","description_kind":"plain","optional":true},"temp_filesystem_processes":{"type":"string","description":"The effect to be used when processes are ran from a temporary file system. Can be set to 'prevent', 'alert', or 'disable'.","description_kind":"plain","optional":true},"user_unknown_origin_binary":{"type":"string","description":"The effect to be used when non-packaged binaries are created or ran by a user. Can be set to 'prevent', 'alert', or 'disable'.","description_kind":"plain","optional":true},"webshell":{"type":"string","description":"The effect to be used when webshell attacks are detected. Can be set to 'prevent', 'alert', or 'disable'.","description_kind":"plain","optional":true},"wildfire_analysis":{"type":"string","description":"The effect to be used when WildFire analysis is enabled. Can be set to 'alert' or 'disable'.","description_kind":"plain","optional":true}},"block_types":{"denied_processes":{"nesting_mode":"list","block":{"attributes":{"effect":{"type":"string","description":"The effect to be used. Can be set to 'prevent' or 'alert'.","description_kind":"plain","optional":true},"paths":{"type":["list","string"],"description":"List of processes and files to deny during anti-malware checks.","description_kind":"plain","optional":true}},"description":"Denied processes configuration.","description_kind":"plain"},"max_items":1}},"description":"Anti-malware configuration.","description_kind":"plain"},"max_items":1},"custom_rule":{"nesting_mode":"list","block":{"attributes":{"action":{"type":"string","description":"The action to perform if the custom rule applies. Can be set to 'audit' or 'incident'.","description_kind":"plain","optional":true},"effect":{"type":"string","description":"The effect to be used. Can be set to 'prevent', 'alert', or 'allow'.","description_kind":"plain","optional":true},"id":{"type":"number","description":"Custom rule number.","description_kind":"plain","optional":true}},"description":"List of custom rules.","description_kind":"plain"}},"dns":{"nesting_mode":"list","block":{"attributes":{"allowed":{"type":["list","string"],"description":"Allowed domains. Wildcard prefixes are supported.","description_kind":"plain","optional":true},"denied":{"type":["list","string"],"description":"Denied domains. Wildcard prefixes are supported.","description_kind":"plain","optional":true},"deny_effect":{"type":"string","description":"The effect to be used. Can be set to 'prevent', 'alert', or 'disable'.","description_kind":"plain","optional":true},"intelligence_feed":{"type":"string","description":"The effect to be used when resolving suspicious domains according to Prisma Cloud Compute. Can be set to 'prevent', 'alert', or 'disable'.","description_kind":"plain","optional":true}},"description":"DNS configuration.","description_kind":"plain"},"max_items":1},"file_integrity_rule":{"nesting_mode":"list","block":{"attributes":{"allowed_processes":{"type":["list","string"],"description":"List of processes allowed to generate file system events on monitored files.","description_kind":"plain","optional":true},"excluded_files":{"type":["list","string"],"description":"List of file names to ignore. Pattern matching is supported.","description_kind":"plain","optional":true},"metadata":{"type":"bool","description":"Whether or not to monitor file metadata changes.","description_kind":"plain","optional":true},"path":{"type":"string","description":"Path to monitor.","description_kind":"plain","optional":true},"read":{"type":"bool","description":"Whether or not to monitor file reads.","description_kind":"plain","optional":true},"recursive":{"type":"bool","description":"Whether or not to recursively monitor files starting at `path`.","description_kind":"plain","optional":true},"write":{"type":"bool","description":"Whether or not to monitor file writes.","description_kind":"plain","optional":true}},"description":"List of file integrity rules.","description_kind":"plain"}},"log_inspection_rule":{"nesting_mode":"list","block":{"attributes":{"path":{"type":"string","description":"Path to the log file.","description_kind":"plain","optional":true},"regex":{"type":["list","string"],"description":"List of regular expressions to use when inspecting the log file.","description_kind":"plain","optional":true}},"description":"List of log inspection rules.","description_kind":"plain"}},"network":{"nesting_mode":"list","block":{"attributes":{"allowed_outbound_ips":{"type":["list","string"],"description":"List of allowed outbound IP addresses.","description_kind":"plain","optional":true},"custom_feed":{"type":"string","description":"The effect to be used when connecting to suspicious IPs according to custom feeds. Can be set to 'alert' or 'disable'.","description_kind":"plain","optional":true},"denied_outbound_ips":{"type":["list","string"],"description":"List of denied outbound IP addresses.","description_kind":"plain","optional":true},"deny_effect":{"type":"string","description":"The effect to be used. Can be set to 'alert' or 'disable'.","description_kind":"plain","optional":true},"intelligence_feed":{"type":"string","description":"The effect to be used when connecting to suspicious IPs according to Prisma Cloud Compute. Can be set to 'alert' or 'disable'.","description_kind":"plain","optional":true}},"block_types":{"denied_listening_port":{"nesting_mode":"list","block":{"attributes":{"deny":{"type":"bool","description":"Whether or not to deny the connection.","description_kind":"plain","optional":true},"end":{"type":"number","description":"End of the port range.","description_kind":"plain","optional":true},"start":{"type":"number","description":"Start of the port range.","description_kind":"plain","optional":true}},"description":"List of denied listening ports.","description_kind":"plain"}},"denied_outbound_port":{"nesting_mode":"list","block":{"attributes":{"deny":{"type":"bool","description":"Whether or not to deny the connection.","description_kind":"plain","optional":true},"end":{"type":"number","description":"End of the port range.","description_kind":"plain","optional":true},"start":{"type":"number","description":"Start of the port range.","description_kind":"plain","optional":true}},"description":"List of denied outbound ports.","description_kind":"plain"}}},"description":"Network configuration.","description_kind":"plain"},"max_items":1}},"description":"Rules that make up the policy.","description_kind":"plain"}}},"description_kind":"plain"}},"prismacloudcompute_host_vulnerability_policy":{"version":0,"block":{"attributes":{"id":{"type":"string","description":"The ID of the policy.","description_kind":"plain","computed":true}},"block_types":{"rule":{"nesting_mode":"list","block":{"attributes":{"collections":{"type":["list","string"],"description":"Collections used to scope the rule.","description_kind":"plain","optional":true},"disabled":{"type":"bool","description":"Whether or not to disable the rule.","description_kind":"plain","optional":true},"effect":{"type":"string","description":"The effect of the rule. Can be set to 'ignore', 'alert', 'block', or 'alert, block'.","description_kind":"plain","optional":true},"grace_days":{"type":"number","description":"Number of days to suppress the rule's block effect. Measured from date the vulnerability was fixed. If there's no fix, measured from the date the vulnerability was published.","description_kind":"plain","optional":true},"name":{"type":"string","description":"Unique name of the rule.","description_kind":"plain","optional":true},"notes":{"type":"string","description":"Free-form text field.","description_kind":"plain","optional":true},"only_fixed":{"type":"bool","description":"Whether or not to apply the rule only when vendor fixes are available.","description_kind":"plain","optional":true},"verbose":{"type":"bool","description":"Whether or not to display a detailed message when blocked.","description_kind":"plain","optional":true}},"block_types":{"alert_threshold":{"nesting_mode":"list","block":{"attributes":{"disabled":{"type":"bool","description":"Whether or not to disable vulnerability alerts.","description_kind":"plain","optional":true},"value":{"type":"number","description":"Minimum vulnerability severity to generate an alert. Can be set to 0=off, 1=low, 4=medium, 7=high, and 9=critical.","description_kind":"plain","optional":true}},"description":"Threshold for generating alerts.","description_kind":"plain"},"max_items":1},"cve_rule":{"nesting_mode":"list","block":{"attributes":{"description":{"type":"string","description":"Free-form text field.","description_kind":"plain","optional":true},"effect":{"type":"string","description":"Action to take if the CVE is found. Can be set to 'ignore', 'alert', or 'block'.","description_kind":"plain","optional":true},"id":{"type":"string","description":"CVE ID.","description_kind":"plain","optional":true}},"block_types":{"expiration":{"nesting_mode":"list","block":{"attributes":{"date":{"type":"string","description":"Expiration date.","description_kind":"plain","optional":true},"enabled":{"type":"bool","description":"Whether or not to enable the CVE rule expiration.","description_kind":"plain","optional":true}},"description":"CVE rule expiration.","description_kind":"plain"},"max_items":1}},"description":"List of rules for handling specific CVEs.","description_kind":"plain"}},"tag_rule":{"nesting_mode":"list","block":{"attributes":{"description":{"type":"string","description":"Free-form text field.","description_kind":"plain","optional":true},"effect":{"type":"string","description":"Action to take if a tagged CVE is found. Can be set to 'ignore', 'alert', or 'block'.","description_kind":"plain","optional":true},"name":{"type":"string","description":"Tag name.","description_kind":"plain","optional":true}},"block_types":{"expiration":{"nesting_mode":"list","block":{"attributes":{"date":{"type":"string","description":"Expiration date.","description_kind":"plain","optional":true},"enabled":{"type":"bool","description":"Whether or not to enable the tag rule expiration.","description_kind":"plain","optional":true}},"description":"Tag rule expiration.","description_kind":"plain"},"max_items":1}},"description":"List of rules for handling specific tags.","description_kind":"plain"}}},"description":"Rules that make up the policy.","description_kind":"plain"}}},"description_kind":"plain"}},"prismacloudcompute_image_vulnerability_policy":{"version":0,"block":{"attributes":{"id":{"type":"string","description":"The ID of the policy.","description_kind":"plain","computed":true}},"block_types":{"rule":{"nesting_mode":"list","block":{"attributes":{"block_message":{"type":"string","description":"Message to display when an image is blocked.","description_kind":"plain","optional":true},"collections":{"type":["list","string"],"description":"Collections used to scope the rule.","description_kind":"plain","optional":true},"disabled":{"type":"bool","description":"Whether or not to disable the rule.","description_kind":"plain","optional":true},"effect":{"type":"string","description":"The effect of the rule. Can be set to 'ignore', 'alert', 'block', or 'alert, block'.","description_kind":"plain","optional":true},"grace_days":{"type":"number","description":"Number of days to suppress the rule's block effect. Measured from date the vulnerability was fixed. If there's no fix, measured from the date the vulnerability was published.","description_kind":"plain","optional":true},"name":{"type":"string","description":"Unique name of the rule.","description_kind":"plain","optional":true},"notes":{"type":"string","description":"Free-form text field.","description_kind":"plain","optional":true},"only_fixed":{"type":"bool","description":"Whether or not to apply the rule only when vendor fixes are available.","description_kind":"plain","optional":true},"verbose":{"type":"bool","description":"Whether or not to display a detailed message when blocked.","description_kind":"plain","optional":true}},"block_types":{"alert_threshold":{"nesting_mode":"list","block":{"attributes":{"disabled":{"type":"bool","description":"Whether or not to disable vulnerability alerts.","description_kind":"plain","optional":true},"value":{"type":"number","description":"Minimum vulnerability severity to generate an alert. Can be set to 0=off, 1=low, 4=medium, 7=high, and 9=critical.","description_kind":"plain","optional":true}},"description":"Threshold for generating alerts.","description_kind":"plain"},"max_items":1},"block_threshold":{"nesting_mode":"list","block":{"attributes":{"enabled":{"type":"bool","description":"Whether or not to block when vulnerabilities are found.","description_kind":"plain","optional":true},"value":{"type":"number","description":"Minimum vulnerability severity to block. Can be set to 0=off, 1=low, 4=medium, 7=high, and 9=critical.","description_kind":"plain","optional":true}},"description":"Threshold for blocking.","description_kind":"plain"},"max_items":1},"cve_rule":{"nesting_mode":"list","block":{"attributes":{"description":{"type":"string","description":"Free-form text field.","description_kind":"plain","optional":true},"effect":{"type":"string","description":"Action to take if the CVE is found. Can be set to 'ignore', 'alert', or 'block'.","description_kind":"plain","optional":true},"id":{"type":"string","description":"CVE ID.","description_kind":"plain","optional":true}},"block_types":{"expiration":{"nesting_mode":"list","block":{"attributes":{"date":{"type":"string","description":"Expiration date.","description_kind":"plain","optional":true},"enabled":{"type":"bool","description":"Whether or not to enable the CVE rule expiration.","description_kind":"plain","optional":true}},"description":"CVE rule expiration.","description_kind":"plain"},"max_items":1}},"description":"List of rules for handling specific CVEs.","description_kind":"plain"}},"tag_rule":{"nesting_mode":"list","block":{"attributes":{"description":{"type":"string","description":"Free-form text field.","description_kind":"plain","optional":true},"effect":{"type":"string","description":"Action to take if a tagged CVE is found. Can be set to 'ignore', 'alert', or 'block'.","description_kind":"plain","optional":true},"name":{"type":"string","description":"Tag name.","description_kind":"plain","optional":true}},"block_types":{"expiration":{"nesting_mode":"list","block":{"attributes":{"date":{"type":"string","description":"Expiration date.","description_kind":"plain","optional":true},"enabled":{"type":"bool","description":"Whether or not to enable the tag rule expiration.","description_kind":"plain","optional":true}},"description":"Tag rule expiration.","description_kind":"plain"},"max_items":1}},"description":"List of rules for handling specific tags.","description_kind":"plain"}}},"description":"Rules that make up the policy.","description_kind":"plain"}}},"description_kind":"plain"}},"prismacloudcompute_registry_settings":{"version":0,"block":{"attributes":{"id":{"type":"string","description":"The ID of the registry settings.","description_kind":"plain","computed":true}},"block_types":{"specification":{"nesting_mode":"list","block":{"attributes":{"cap":{"type":"number","description":"The maximum number of images to scan from each repository, sorted by most recently modified.","description_kind":"plain","optional":true},"collections":{"type":["list","string"],"description":"The set of Defenders available for scanning.","description_kind":"plain","optional":true},"credential":{"type":"string","description":"The name of the credential from the credentials store to use for authenticating with the registry.","description_kind":"plain","optional":true},"excluded_repositories":{"type":["list","string"],"description":"Repositories to exclude from scanning.","description_kind":"plain","optional":true},"excluded_tags":{"type":["list","string"],"description":"Tags to exclude from scanning.","description_kind":"plain","optional":true},"harbor_deployment_security":{"type":"bool","description":"Use temporary tokens provided by Harbor to scan images in projects with the deployment security setting enabled.","description_kind":"plain","optional":true},"jfrog_repo_types":{"type":["list","string"],"description":"JFrog Artifactory repository types to scan.","description_kind":"plain","optional":true},"namespace":{"type":"string","description":"IBM Cloud namespace.","description_kind":"plain","optional":true},"os":{"type":"string","description":"The base OS of the registry images.","description_kind":"plain","optional":true},"registry":{"type":"string","description":"Registry address.","description_kind":"plain","optional":true},"repository":{"type":"string","description":"Repositories to scan. Pattern matching is supported.","description_kind":"plain","optional":true},"scanners":{"type":"number","description":"Number of Defenders that can be utilized for each scan job.","description_kind":"plain","optional":true},"tag":{"type":"string","description":"Tags to scan. Pattern matching is supported.","description_kind":"plain","optional":true},"type":{"type":"string","description":"Registry type.","description_kind":"plain","optional":true},"version_pattern":{"type":"string","description":"Pattern used by the scanner to identify the latest tags without querying the registry for additional metadata. If a pattern specifies both date and version, date takes precedence over version.","description_kind":"plain","optional":true}},"description":"Registry scanning specifications.","description_kind":"plain"}}},"description_kind":"plain"}},"prismacloudcompute_role":{"version":0,"block":{"attributes":{"description":{"type":"string","description":"Role description.","description_kind":"plain","optional":true},"id":{"type":"string","description":"The ID of the role.","description_kind":"plain","computed":true},"name":{"type":"string","description":"Role name.","description_kind":"plain","optional":true}},"block_types":{"permission":{"nesting_mode":"list","block":{"attributes":{"name":{"type":"string","description":"Names roles for the user.","description_kind":"plain","optional":true},"read_write":{"type":"bool","description":"Indicates the type of permission.","description_kind":"plain","optional":true}},"description":"List of permissions.","description_kind":"plain"}}},"description_kind":"plain"}},"prismacloudcompute_user":{"version":0,"block":{"attributes":{"authentication_type":{"type":"string","description":"The user authentication type.","description_kind":"plain","required":true},"id":{"type":"string","description":"The ID of the user.","description_kind":"plain","computed":true},"password":{"type":"string","description":"Password.","description_kind":"plain","required":true},"role":{"type":"string","description":"Role.","description_kind":"plain","required":true},"username":{"type":"string","description":"Username.","description_kind":"plain","required":true}},"block_types":{"permissions":{"nesting_mode":"list","block":{"attributes":{"collections":{"type":["list","string"],"description":"Specifies the set of Defenders in-scope for working on a scan job.","description_kind":"plain","optional":true},"project":{"type":"string","description":"Names of projects which the user can access.","description_kind":"plain","optional":true}},"description":"List of permissions.","description_kind":"plain"},"max_items":1}},"description_kind":"plain"}}}}}}
