{"format_version":"0.2","provider_schemas":{"registry.terraform.io/paloaltonetworks/panos":{"provider":{"version":0,"block":{"attributes":{"api_key":{"type":"string","description":"The api key of the firewall","description_kind":"plain","optional":true},"hostname":{"type":"string","description":"Hostname/IP address of the Palo Alto Networks firewall to connect to","description_kind":"plain","optional":true},"json_config_file":{"type":"string","description":"Retrieve the provider configuration from this JSON file","description_kind":"plain","optional":true},"logging":{"type":["list","string"],"description":"Logging options for the API connection","description_kind":"plain","optional":true},"password":{"type":"string","description":"The password (not used if the API key is set)","description_kind":"plain","optional":true},"port":{"type":"number","description":"If the port is non-standard for the protocol, the port number to use","description_kind":"plain","optional":true},"protocol":{"type":"string","description":"The protocol (https or http)","description_kind":"plain","optional":true},"target":{"type":"string","description":"Target setting (NGFW serial number)","description_kind":"plain","optional":true},"timeout":{"type":"number","description":"The timeout for all communications with the firewall","description_kind":"plain","optional":true},"username":{"type":"string","description":"The username (not used if the API key is set)","description_kind":"plain","optional":true},"verify_certificate":{"type":"bool","description":"For HTTPS protocol connections, verify the certificate","description_kind":"plain","optional":true}},"description_kind":"plain"}},"resource_schemas":{"panos_address_group":{"version":0,"block":{"attributes":{"description":{"type":"string","description_kind":"plain","optional":true},"dynamic_match":{"type":"string","description":"Dynamic address group definition","description_kind":"plain","optional":true},"id":{"type":"string","description_kind":"plain","optional":true,"computed":true},"name":{"type":"string","description":"The address object's name","description_kind":"plain","required":true},"static_addresses":{"type":["list","string"],"description":"Static address group entries","description_kind":"plain","optional":true},"tags":{"type":["set","string"],"description":"Administrative tags for the address object","description_kind":"plain","optional":true},"vsys":{"type":"string","description":"The vsys to put this address object in","description_kind":"plain","optional":true}},"description_kind":"plain"}},"panos_address_object":{"version":1,"block":{"attributes":{"description":{"type":"string","description_kind":"plain","optional":true},"device_group":{"type":"string","description_kind":"plain","optional":true},"id":{"type":"string","description_kind":"plain","optional":true,"computed":true},"name":{"type":"string","description_kind":"plain","required":true},"tags":{"type":["list","string"],"description_kind":"plain","optional":true},"type":{"type":"string","description_kind":"plain","optional":true},"value":{"type":"string","description_kind":"plain","required":true},"vsys":{"type":"string","description_kind":"plain","optional":true}},"description_kind":"plain"}},"panos_administrative_tag":{"version":0,"block":{"attributes":{"color":{"type":"string","description_kind":"plain","optional":true},"comment":{"type":"string","description_kind":"plain","optional":true},"id":{"type":"string","description_kind":"plain","optional":true,"computed":true},"name":{"type":"string","description":"The administrative tag's name","description_kind":"plain","required":true},"vsys":{"type":"string","description":"The vsys to put this administrative tag object in","description_kind":"plain","optional":true}},"description_kind":"plain"}},"panos_aggregate_interface":{"version":0,"block":{"attributes":{"adjust_tcp_mss":{"type":"bool","description_kind":"plain","optional":true},"comment":{"type":"string","description_kind":"plain","optional":true},"create_dhcp_default_route":{"type":"bool","description_kind":"plain","optional":true},"decrypt_forward":{"type":"bool","description_kind":"plain","optional":true},"dhcp_default_route_metric":{"type":"number","description_kind":"plain","optional":true},"dhcp_send_hostname_enable":{"type":"bool","description_kind":"plain","optional":true},"dhcp_send_hostname_value":{"type":"string","description_kind":"plain","optional":true},"enable_dhcp":{"type":"bool","description_kind":"plain","optional":true},"enable_untagged_subinterface":{"type":"bool","description_kind":"plain","optional":true},"id":{"type":"string","description_kind":"plain","optional":true,"computed":true},"ipv4_mss_adjust":{"type":"number","description_kind":"plain","optional":true},"ipv6_enabled":{"type":"bool","description_kind":"plain","optional":true},"ipv6_interface_id":{"type":"string","description_kind":"plain","optional":true},"ipv6_mss_adjust":{"type":"number","description_kind":"plain","optional":true},"lacp_enable":{"type":"bool","description_kind":"plain","optional":true},"lacp_fast_failover":{"type":"bool","description_kind":"plain","optional":true},"lacp_ha_enable_same_system_mac":{"type":"bool","description_kind":"plain","optional":true},"lacp_ha_passive_pre_negotiation":{"type":"bool","description_kind":"plain","optional":true},"lacp_ha_same_system_mac_address":{"type":"string","description_kind":"plain","optional":true},"lacp_max_ports":{"type":"number","description_kind":"plain","optional":true},"lacp_mode":{"type":"string","description_kind":"plain","optional":true},"lacp_system_priority":{"type":"number","description_kind":"plain","optional":true},"lacp_transmission_rate":{"type":"string","description_kind":"plain","optional":true},"lldp_enable":{"type":"bool","description_kind":"plain","optional":true},"lldp_ha_passive_pre_negotiation":{"type":"bool","description_kind":"plain","optional":true},"lldp_profile":{"type":"string","description_kind":"plain","optional":true},"management_profile":{"type":"string","description_kind":"plain","optional":true},"mode":{"type":"string","description_kind":"plain","optional":true},"mtu":{"type":"number","description_kind":"plain","optional":true},"name":{"type":"string","description_kind":"plain","required":true},"netflow_profile":{"type":"string","description_kind":"plain","optional":true},"static_ips":{"type":["list","string"],"description":"List of static IP addresses","description_kind":"plain","optional":true},"vsys":{"type":"string","description_kind":"plain","optional":true}},"description_kind":"plain"}},"panos_anti_spyware_security_profile":{"version":0,"block":{"attributes":{"description":{"type":"string","description":"Description","description_kind":"plain","optional":true},"device_group":{"type":"string","description_kind":"plain","optional":true},"id":{"type":"string","description_kind":"plain","optional":true,"computed":true},"name":{"type":"string","description":"Security profile name","description_kind":"plain","required":true},"packet_capture":{"type":"string","description":"(PAN-OS 8.x only) Packet capture config","description_kind":"plain","optional":true},"sinkhole_ipv4_address":{"type":"string","description":"IPv4 sinkhole address","description_kind":"plain","optional":true},"sinkhole_ipv6_address":{"type":"string","description":"IPv6 sinkhole address","description_kind":"plain","optional":true},"threat_exceptions":{"type":["list","string"],"description":"List of threat exceptions","description_kind":"plain","optional":true},"vsys":{"type":"string","description_kind":"plain","optional":true}},"block_types":{"botnet_list":{"nesting_mode":"list","block":{"attributes":{"action":{"type":"string","description":"Action to take","description_kind":"plain","required":true},"name":{"type":"string","description":"Name","description_kind":"plain","required":true},"packet_capture":{"type":"string","description":"(PAN-OS 9.0+) Packet capture config","description_kind":"plain","optional":true}},"description_kind":"plain"}},"dns_category":{"nesting_mode":"list","block":{"attributes":{"action":{"type":"string","description":"Action to take","description_kind":"plain","optional":true},"log_level":{"type":"string","description":"Logging level","description_kind":"plain","optional":true},"name":{"type":"string","description":"Name","description_kind":"plain","required":true},"packet_capture":{"type":"string","description":"Packet capture config","description_kind":"plain","optional":true}},"description_kind":"plain"}},"exception":{"nesting_mode":"list","block":{"attributes":{"action":{"type":"string","description":"Action","description_kind":"plain","optional":true},"block_ip_duration":{"type":"number","description":"(action = block-ip) The duration to block for","description_kind":"plain","optional":true},"block_ip_track_by":{"type":"string","description":"(action = block-ip) The track by config","description_kind":"plain","optional":true},"exempt_ips":{"type":["list","string"],"description":"List of exempt IP addresses","description_kind":"plain","optional":true},"name":{"type":"string","description":"Threat name","description_kind":"plain","required":true},"packet_capture":{"type":"string","description":"(PAN-OS 8.x only) Packet capture config","description_kind":"plain","optional":true}},"description_kind":"plain"}},"rule":{"nesting_mode":"list","block":{"attributes":{"action":{"type":"string","description":"Action to take","description_kind":"plain","optional":true},"block_ip_duration":{"type":"number","description":"(For action = block-ip) The duration","description_kind":"plain","optional":true},"block_ip_track_by":{"type":"string","description":"(For action = block-ip) The track by setting","description_kind":"plain","optional":true},"category":{"type":"string","description":"The category","description_kind":"plain","required":true},"name":{"type":"string","description":"Name","description_kind":"plain","required":true},"packet_capture":{"type":"string","description":"Packet capture setting","description_kind":"plain","optional":true},"severities":{"type":["list","string"],"description":"List of severities","description_kind":"plain","optional":true},"threat_name":{"type":"string","description":"Threat name","description_kind":"plain","optional":true}},"description_kind":"plain"}},"white_list":{"nesting_mode":"list","block":{"attributes":{"description":{"type":"string","description":"Description","description_kind":"plain","optional":true},"name":{"type":"string","description":"Name","description_kind":"plain","required":true}},"description_kind":"plain"}}},"description_kind":"plain"}},"panos_antivirus_security_profile":{"version":0,"block":{"attributes":{"description":{"type":"string","description":"Description","description_kind":"plain","optional":true},"device_group":{"type":"string","description_kind":"plain","optional":true},"id":{"type":"string","description_kind":"plain","optional":true,"computed":true},"name":{"type":"string","description":"Security profile name","description_kind":"plain","required":true},"packet_capture":{"type":"bool","description":"Set to true to enable packet capture","description_kind":"plain","optional":true},"threat_exceptions":{"type":["list","string"],"description":"List of threat exceptions","description_kind":"plain","optional":true},"vsys":{"type":"string","description_kind":"plain","optional":true}},"block_types":{"application_exception":{"nesting_mode":"list","block":{"attributes":{"action":{"type":"string","description":"Action to take for this application","description_kind":"plain","optional":true},"application":{"type":"string","description":"The application name","description_kind":"plain","required":true}},"description_kind":"plain"}},"decoder":{"nesting_mode":"list","block":{"attributes":{"action":{"type":"string","description":"Decoder action","description_kind":"plain","optional":true},"machine_learning_action":{"type":"string","description":"(PAN-OS 10.0+) ML action","description_kind":"plain","optional":true},"name":{"type":"string","description":"Decoder name","description_kind":"plain","required":true},"wildfire_action":{"type":"string","description":"Wildfire action","description_kind":"plain","optional":true}},"description_kind":"plain"}},"machine_learning_exception":{"nesting_mode":"list","block":{"attributes":{"description":{"type":"string","description":"Description","description_kind":"plain","optional":true},"filename":{"type":"string","description":"Filename","description_kind":"plain","optional":true},"name":{"type":"string","description":"Machine learning exception name","description_kind":"plain","required":true}},"description_kind":"plain"}},"machine_learning_model":{"nesting_mode":"list","block":{"attributes":{"action":{"type":"string","description":"Action to take","description_kind":"plain","required":true},"model":{"type":"string","description":"ML model","description_kind":"plain","required":true}},"description_kind":"plain"}}},"description_kind":"plain"}},"panos_application_group":{"version":0,"block":{"attributes":{"applications":{"type":["list","string"],"description_kind":"plain","optional":true},"id":{"type":"string","description_kind":"plain","optional":true,"computed":true},"name":{"type":"string","description_kind":"plain","required":true},"vsys":{"type":"string","description_kind":"plain","optional":true}},"description_kind":"plain"}},"panos_application_object":{"version":0,"block":{"attributes":{"able_to_file_transfer":{"type":"bool","description_kind":"plain","optional":true},"alg_disable_capability":{"type":"string","description_kind":"plain","optional":true},"category":{"type":"string","description_kind":"plain","required":true},"continue_scanning_for_other_applications":{"type":"bool","description_kind":"plain","optional":true},"description":{"type":"string","description_kind":"plain","optional":true},"evasive_behavior":{"type":"bool","description_kind":"plain","optional":true},"excessive_bandwidth":{"type":"bool","description_kind":"plain","optional":true},"has_known_vulnerability":{"type":"bool","description_kind":"plain","optional":true},"id":{"type":"string","description_kind":"plain","optional":true,"computed":true},"name":{"type":"string","description_kind":"plain","required":true},"no_app_id_caching":{"type":"bool","description_kind":"plain","optional":true},"parent_app":{"type":"string","description_kind":"plain","optional":true},"pervasive_use":{"type":"bool","description_kind":"plain","optional":true},"prone_to_misuse":{"type":"bool","description_kind":"plain","optional":true},"risk":{"type":"number","description_kind":"plain","optional":true},"subcategory":{"type":"string","description_kind":"plain","required":true},"technology":{"type":"string","description_kind":"plain","required":true},"tunnels_other_applications":{"type":"bool","description_kind":"plain","optional":true},"used_by_malware":{"type":"bool","description_kind":"plain","optional":true},"vsys":{"type":"string","description_kind":"plain","optional":true}},"block_types":{"defaults":{"nesting_mode":"list","block":{"block_types":{"icmp":{"nesting_mode":"list","block":{"attributes":{"code":{"type":"number","description_kind":"plain","optional":true},"type":{"type":"number","description_kind":"plain","required":true}},"description_kind":"plain"},"max_items":1},"icmp6":{"nesting_mode":"list","block":{"attributes":{"code":{"type":"number","description_kind":"plain","optional":true},"type":{"type":"number","description_kind":"plain","required":true}},"description_kind":"plain"},"max_items":1},"ip_protocol":{"nesting_mode":"list","block":{"attributes":{"value":{"type":"number","description_kind":"plain","required":true}},"description_kind":"plain"},"max_items":1},"port":{"nesting_mode":"list","block":{"attributes":{"ports":{"type":["list","string"],"description_kind":"plain","required":true}},"description_kind":"plain"},"max_items":1}},"description_kind":"plain"},"max_items":1},"scanning":{"nesting_mode":"list","block":{"attributes":{"data_patterns":{"type":"bool","description_kind":"plain","optional":true},"file_types":{"type":"bool","description_kind":"plain","optional":true},"viruses":{"type":"bool","description_kind":"plain","optional":true}},"description_kind":"plain"},"max_items":1},"timeout_settings":{"nesting_mode":"list","block":{"attributes":{"tcp_half_closed":{"type":"number","description_kind":"plain","optional":true},"tcp_time_wait":{"type":"number","description_kind":"plain","optional":true},"tcp_timeout":{"type":"number","description_kind":"plain","optional":true},"timeout":{"type":"number","description_kind":"plain","optional":true},"udp_timeout":{"type":"number","description_kind":"plain","optional":true}},"description_kind":"plain"},"max_items":1}},"description_kind":"plain"}},"panos_application_signature":{"version":0,"block":{"attributes":{"application_object":{"type":"string","description_kind":"plain","required":true},"comment":{"type":"string","description_kind":"plain","optional":true},"id":{"type":"string","description_kind":"plain","optional":true,"computed":true},"name":{"type":"string","description_kind":"plain","required":true},"ordered_match":{"type":"bool","description_kind":"plain","optional":true},"scope":{"type":"string","description_kind":"plain","optional":true},"vsys":{"type":"string","description_kind":"plain","optional":true}},"block_types":{"and_condition":{"nesting_mode":"list","block":{"attributes":{"name":{"type":"string","description_kind":"plain","computed":true}},"block_types":{"or_condition":{"nesting_mode":"list","block":{"attributes":{"name":{"type":"string","description_kind":"plain","computed":true}},"block_types":{"equal_to":{"nesting_mode":"list","block":{"attributes":{"context":{"type":"string","description_kind":"plain","required":true},"mask":{"type":"string","description_kind":"plain","optional":true},"position":{"type":"string","description_kind":"plain","optional":true},"value":{"type":"string","description_kind":"plain","required":true}},"description_kind":"plain"},"max_items":1},"greater_than":{"nesting_mode":"list","block":{"attributes":{"context":{"type":"string","description_kind":"plain","required":true},"qualifiers":{"type":["map","string"],"description_kind":"plain","optional":true},"value":{"type":"string","description_kind":"plain","required":true}},"description_kind":"plain"},"max_items":1},"less_than":{"nesting_mode":"list","block":{"attributes":{"context":{"type":"string","description_kind":"plain","required":true},"qualifiers":{"type":["map","string"],"description_kind":"plain","optional":true},"value":{"type":"string","description_kind":"plain","required":true}},"description_kind":"plain"},"max_items":1},"pattern_match":{"nesting_mode":"list","block":{"attributes":{"context":{"type":"string","description_kind":"plain","required":true},"pattern":{"type":"string","description_kind":"plain","required":true},"qualifiers":{"type":["map","string"],"description_kind":"plain","optional":true}},"description_kind":"plain"},"max_items":1}},"description_kind":"plain"},"min_items":1}},"description_kind":"plain"}}},"description_kind":"plain"}},"panos_arp":{"version":0,"block":{"attributes":{"id":{"type":"string","description_kind":"plain","optional":true,"computed":true},"interface":{"type":"string","description":"(For interface_type = vlan) The interface","description_kind":"plain","optional":true},"interface_name":{"type":"string","description":"The interface name; leave this empty for VLAN interfaces","description_kind":"plain","optional":true},"interface_type":{"type":"string","description":"The interface type","description_kind":"plain","optional":true},"ip":{"type":"string","description":"The IP address","description_kind":"plain","required":true},"mac_address":{"type":"string","description":"The MAC address","description_kind":"plain","required":true},"subinterface_name":{"type":"string","description":"The subinterface name","description_kind":"plain","optional":true},"template":{"type":"string","description":"(If Panorama) The template where the interface is","description_kind":"plain","optional":true}},"description_kind":"plain"}},"panos_bfd_profile":{"version":0,"block":{"attributes":{"detection_multiplier":{"type":"number","description_kind":"plain","optional":true},"hold_time":{"type":"number","description_kind":"plain","optional":true},"id":{"type":"string","description_kind":"plain","optional":true,"computed":true},"minimum_rx_interval":{"type":"number","description_kind":"plain","optional":true},"minimum_rx_ttl":{"type":"number","description_kind":"plain","optional":true},"minimum_tx_interval":{"type":"number","description_kind":"plain","optional":true},"mode":{"type":"string","description_kind":"plain","optional":true},"name":{"type":"string","description_kind":"plain","required":true}},"description_kind":"plain"}},"panos_bgp":{"version":0,"block":{"attributes":{"aggregate_med":{"type":"bool","description_kind":"plain","optional":true},"allow_redistribute_default_route":{"type":"bool","description_kind":"plain","optional":true},"always_compare_med":{"type":"bool","description_kind":"plain","optional":true},"as_format":{"type":"string","description_kind":"plain","optional":true},"as_number":{"type":"string","description_kind":"plain","optional":true},"bfd_profile":{"type":"string","description_kind":"plain","optional":true},"confederation_member_as":{"type":"string","description_kind":"plain","optional":true},"default_local_preference":{"type":"string","description_kind":"plain","optional":true},"deterministic_med_comparison":{"type":"bool","description_kind":"plain","optional":true},"ecmp_multi_as":{"type":"bool","description_kind":"plain","optional":true},"enable":{"type":"bool","description_kind":"plain","optional":true},"enable_graceful_restart":{"type":"bool","description_kind":"plain","optional":true},"enforce_first_as":{"type":"bool","description_kind":"plain","optional":true},"id":{"type":"string","description_kind":"plain","optional":true,"computed":true},"install_route":{"type":"bool","description_kind":"plain","optional":true},"local_restart_time":{"type":"number","description_kind":"plain","optional":true},"max_peer_restart_time":{"type":"number","description_kind":"plain","optional":true},"reflector_cluster_id":{"type":"string","description_kind":"plain","optional":true},"reject_default_route":{"type":"bool","description_kind":"plain","optional":true},"router_id":{"type":"string","description_kind":"plain","optional":true},"stale_route_time":{"type":"number","description_kind":"plain","optional":true},"virtual_router":{"type":"string","description_kind":"plain","required":true}},"description_kind":"plain"}},"panos_bgp_aggregate":{"version":0,"block":{"attributes":{"as_path_limit":{"type":"number","description_kind":"plain","optional":true},"as_path_type":{"type":"string","description_kind":"plain","optional":true},"as_path_value":{"type":"string","description_kind":"plain","optional":true},"as_set":{"type":"bool","description_kind":"plain","optional":true},"community_type":{"type":"string","description_kind":"plain","optional":true},"community_value":{"type":"string","description_kind":"plain","optional":true},"enable":{"type":"bool","description_kind":"plain","optional":true},"extended_community_type":{"type":"string","description_kind":"plain","optional":true},"extended_community_value":{"type":"string","description_kind":"plain","optional":true},"id":{"type":"string","description_kind":"plain","optional":true,"computed":true},"local_preference":{"type":"string","description_kind":"plain","optional":true},"med":{"type":"string","description_kind":"plain","optional":true},"name":{"type":"string","description_kind":"plain","required":true},"next_hop":{"type":"string","description_kind":"plain","optional":true},"origin":{"type":"string","description_kind":"plain","optional":true},"prefix":{"type":"string","description_kind":"plain","required":true},"summary":{"type":"bool","description_kind":"plain","optional":true},"virtual_router":{"type":"string","description_kind":"plain","required":true},"weight":{"type":"number","description_kind":"plain","optional":true}},"description_kind":"plain"}},"panos_bgp_aggregate_advertise_filter":{"version":0,"block":{"attributes":{"as_path_regex":{"type":"string","description_kind":"plain","optional":true},"bgp_aggregate":{"type":"string","description_kind":"plain","required":true},"community_regex":{"type":"string","description_kind":"plain","optional":true},"enable":{"type":"bool","description_kind":"plain","optional":true},"extended_community_regex":{"type":"string","description_kind":"plain","optional":true},"from_peers":{"type":["list","string"],"description_kind":"plain","optional":true},"id":{"type":"string","description_kind":"plain","optional":true,"computed":true},"med":{"type":"string","description_kind":"plain","optional":true},"name":{"type":"string","description_kind":"plain","required":true},"next_hops":{"type":["list","string"],"description_kind":"plain","optional":true},"route_table":{"type":"string","description_kind":"plain","optional":true},"virtual_router":{"type":"string","description_kind":"plain","required":true}},"block_types":{"address_prefix":{"nesting_mode":"set","block":{"attributes":{"exact":{"type":"bool","description_kind":"plain","optional":true},"prefix":{"type":"string","description_kind":"plain","required":true}},"description_kind":"plain"}}},"description_kind":"plain"}},"panos_bgp_aggregate_suppress_filter":{"version":0,"block":{"attributes":{"as_path_regex":{"type":"string","description_kind":"plain","optional":true},"bgp_aggregate":{"type":"string","description_kind":"plain","required":true},"community_regex":{"type":"string","description_kind":"plain","optional":true},"enable":{"type":"bool","description_kind":"plain","optional":true},"extended_community_regex":{"type":"string","description_kind":"plain","optional":true},"from_peers":{"type":["list","string"],"description_kind":"plain","optional":true},"id":{"type":"string","description_kind":"plain","optional":true,"computed":true},"med":{"type":"string","description_kind":"plain","optional":true},"name":{"type":"string","description_kind":"plain","required":true},"next_hops":{"type":["list","string"],"description_kind":"plain","optional":true},"route_table":{"type":"string","description_kind":"plain","optional":true},"virtual_router":{"type":"string","description_kind":"plain","required":true}},"block_types":{"address_prefix":{"nesting_mode":"set","block":{"attributes":{"exact":{"type":"bool","description_kind":"plain","optional":true},"prefix":{"type":"string","description_kind":"plain","required":true}},"description_kind":"plain"}}},"description_kind":"plain"}},"panos_bgp_auth_profile":{"version":0,"block":{"attributes":{"id":{"type":"string","description_kind":"plain","optional":true,"computed":true},"name":{"type":"string","description_kind":"plain","required":true},"secret":{"type":"string","description_kind":"plain","optional":true,"sensitive":true},"secret_enc":{"type":"string","description_kind":"plain","computed":true,"sensitive":true},"virtual_router":{"type":"string","description_kind":"plain","required":true}},"description_kind":"plain"}},"panos_bgp_conditional_adv":{"version":0,"block":{"attributes":{"enable":{"type":"bool","description_kind":"plain","optional":true},"id":{"type":"string","description_kind":"plain","optional":true,"computed":true},"name":{"type":"string","description_kind":"plain","required":true},"used_by":{"type":["list","string"],"description_kind":"plain","optional":true},"virtual_router":{"type":"string","description_kind":"plain","required":true}},"description_kind":"plain"}},"panos_bgp_conditional_adv_advertise_filter":{"version":0,"block":{"attributes":{"address_prefixes":{"type":["list","string"],"description_kind":"plain","required":true},"as_path_regex":{"type":"string","description_kind":"plain","optional":true},"bgp_conditional_adv":{"type":"string","description_kind":"plain","required":true},"community_regex":{"type":"string","description_kind":"plain","optional":true},"enable":{"type":"bool","description_kind":"plain","optional":true},"extended_community_regex":{"type":"string","description_kind":"plain","optional":true},"from_peers":{"type":["list","string"],"description_kind":"plain","optional":true},"id":{"type":"string","description_kind":"plain","optional":true,"computed":true},"med":{"type":"string","description_kind":"plain","optional":true},"name":{"type":"string","description_kind":"plain","required":true},"next_hops":{"type":["list","string"],"description_kind":"plain","optional":true},"route_table":{"type":"string","description_kind":"plain","optional":true},"virtual_router":{"type":"string","description_kind":"plain","required":true}},"description_kind":"plain"}},"panos_bgp_conditional_adv_non_exist_filter":{"version":0,"block":{"attributes":{"address_prefixes":{"type":["list","string"],"description_kind":"plain","required":true},"as_path_regex":{"type":"string","description_kind":"plain","optional":true},"bgp_conditional_adv":{"type":"string","description_kind":"plain","required":true},"community_regex":{"type":"string","description_kind":"plain","optional":true},"enable":{"type":"bool","description_kind":"plain","optional":true},"extended_community_regex":{"type":"string","description_kind":"plain","optional":true},"from_peers":{"type":["list","string"],"description_kind":"plain","optional":true},"id":{"type":"string","description_kind":"plain","optional":true,"computed":true},"med":{"type":"string","description_kind":"plain","optional":true},"name":{"type":"string","description_kind":"plain","required":true},"next_hops":{"type":["list","string"],"description_kind":"plain","optional":true},"route_table":{"type":"string","description_kind":"plain","optional":true},"virtual_router":{"type":"string","description_kind":"plain","required":true}},"description_kind":"plain"}},"panos_bgp_dampening_profile":{"version":0,"block":{"attributes":{"cutoff":{"type":"number","description_kind":"plain","optional":true},"decay_half_life_reachable":{"type":"number","description_kind":"plain","optional":true},"decay_half_life_unreachable":{"type":"number","description_kind":"plain","optional":true},"enable":{"type":"bool","description_kind":"plain","optional":true},"id":{"type":"string","description_kind":"plain","optional":true,"computed":true},"max_hold_time":{"type":"number","description_kind":"plain","optional":true},"name":{"type":"string","description_kind":"plain","required":true},"reuse":{"type":"number","description_kind":"plain","optional":true},"virtual_router":{"type":"string","description_kind":"plain","required":true}},"description_kind":"plain"}},"panos_bgp_export_rule_group":{"version":0,"block":{"attributes":{"id":{"type":"string","description_kind":"plain","optional":true,"computed":true},"position_keyword":{"type":"string","description_kind":"plain","optional":true},"position_reference":{"type":"string","description_kind":"plain","optional":true},"virtual_router":{"type":"string","description_kind":"plain","required":true}},"block_types":{"rule":{"nesting_mode":"list","block":{"attributes":{"action":{"type":"string","description_kind":"plain","optional":true},"as_path_limit":{"type":"number","description_kind":"plain","optional":true},"as_path_type":{"type":"string","description_kind":"plain","optional":true},"as_path_value":{"type":"string","description_kind":"plain","optional":true},"community_type":{"type":"string","description_kind":"plain","optional":true},"community_value":{"type":"string","description_kind":"plain","optional":true},"enable":{"type":"bool","description_kind":"plain","optional":true},"extended_community_type":{"type":"string","description_kind":"plain","optional":true},"extended_community_value":{"type":"string","description_kind":"plain","optional":true},"local_preference":{"type":"string","description_kind":"plain","optional":true},"match_as_path_regex":{"type":"string","description_kind":"plain","optional":true},"match_community_regex":{"type":"string","description_kind":"plain","optional":true},"match_extended_community_regex":{"type":"string","description_kind":"plain","optional":true},"match_from_peers":{"type":["list","string"],"description_kind":"plain","optional":true},"match_med":{"type":"string","description_kind":"plain","optional":true},"match_next_hops":{"type":["list","string"],"description_kind":"plain","optional":true},"match_route_table":{"type":"string","description_kind":"plain","optional":true},"med":{"type":"string","description_kind":"plain","optional":true},"name":{"type":"string","description_kind":"plain","required":true},"next_hop":{"type":"string","description_kind":"plain","optional":true},"origin":{"type":"string","description_kind":"plain","optional":true},"used_by":{"type":["list","string"],"description_kind":"plain","optional":true}},"block_types":{"match_address_prefix":{"nesting_mode":"set","block":{"attributes":{"exact":{"type":"bool","description_kind":"plain","optional":true},"prefix":{"type":"string","description_kind":"plain","required":true}},"description_kind":"plain"}}},"description_kind":"plain"},"min_items":1}},"description_kind":"plain"}},"panos_bgp_import_rule_group":{"version":0,"block":{"attributes":{"id":{"type":"string","description_kind":"plain","optional":true,"computed":true},"position_keyword":{"type":"string","description_kind":"plain","optional":true},"position_reference":{"type":"string","description_kind":"plain","optional":true},"virtual_router":{"type":"string","description_kind":"plain","required":true}},"block_types":{"rule":{"nesting_mode":"list","block":{"attributes":{"action":{"type":"string","description_kind":"plain","optional":true},"as_path_limit":{"type":"number","description_kind":"plain","optional":true},"as_path_type":{"type":"string","description_kind":"plain","optional":true},"community_type":{"type":"string","description_kind":"plain","optional":true},"community_value":{"type":"string","description_kind":"plain","optional":true},"dampening":{"type":"string","description_kind":"plain","optional":true},"enable":{"type":"bool","description_kind":"plain","optional":true},"extended_community_type":{"type":"string","description_kind":"plain","optional":true},"extended_community_value":{"type":"string","description_kind":"plain","optional":true},"local_preference":{"type":"string","description_kind":"plain","optional":true},"match_as_path_regex":{"type":"string","description_kind":"plain","optional":true},"match_community_regex":{"type":"string","description_kind":"plain","optional":true},"match_extended_community_regex":{"type":"string","description_kind":"plain","optional":true},"match_from_peers":{"type":["list","string"],"description_kind":"plain","optional":true},"match_med":{"type":"string","description_kind":"plain","optional":true},"match_next_hops":{"type":["list","string"],"description_kind":"plain","optional":true},"match_route_table":{"type":"string","description_kind":"plain","optional":true},"med":{"type":"string","description_kind":"plain","optional":true},"name":{"type":"string","description_kind":"plain","required":true},"next_hop":{"type":"string","description_kind":"plain","optional":true},"origin":{"type":"string","description_kind":"plain","optional":true},"used_by":{"type":["list","string"],"description_kind":"plain","optional":true},"weight":{"type":"number","description_kind":"plain","optional":true}},"block_types":{"match_address_prefix":{"nesting_mode":"set","block":{"attributes":{"exact":{"type":"bool","description_kind":"plain","optional":true},"prefix":{"type":"string","description_kind":"plain","required":true}},"description_kind":"plain"}}},"description_kind":"plain"},"min_items":1}},"description_kind":"plain"}},"panos_bgp_peer":{"version":0,"block":{"attributes":{"address_family_type":{"type":"string","description_kind":"plain","optional":true},"allow_incoming_connections":{"type":"bool","description_kind":"plain","optional":true},"allow_outgoing_connections":{"type":"bool","description_kind":"plain","optional":true},"auth_profile":{"type":"string","description_kind":"plain","optional":true},"bfd_profile":{"type":"string","description_kind":"plain","optional":true},"bgp_peer_group":{"type":"string","description_kind":"plain","required":true},"enable":{"type":"bool","description_kind":"plain","optional":true},"enable_mp_bgp":{"type":"bool","description_kind":"plain","optional":true},"enable_sender_side_loop_detection":{"type":"bool","description_kind":"plain","optional":true},"hold_time":{"type":"number","description_kind":"plain","optional":true},"id":{"type":"string","description_kind":"plain","optional":true,"computed":true},"idle_hold_time":{"type":"number","description_kind":"plain","optional":true},"incoming_connections_remote_port":{"type":"number","description_kind":"plain","optional":true},"keep_alive_interval":{"type":"number","description_kind":"plain","optional":true},"local_address_interface":{"type":"string","description_kind":"plain","required":true},"local_address_ip":{"type":"string","description_kind":"plain","optional":true},"max_prefixes":{"type":"string","description_kind":"plain","optional":true},"min_route_advertisement_interval":{"type":"number","description_kind":"plain","optional":true},"multi_hop":{"type":"number","description_kind":"plain","optional":true},"name":{"type":"string","description_kind":"plain","required":true},"open_delay_time":{"type":"number","description_kind":"plain","optional":true},"outgoing_connections_local_port":{"type":"number","description_kind":"plain","optional":true},"peer_address_ip":{"type":"string","description_kind":"plain","required":true},"peer_as":{"type":"string","description_kind":"plain","optional":true},"peering_type":{"type":"string","description_kind":"plain","optional":true},"reflector_client":{"type":"string","description_kind":"plain","optional":true},"subsequent_address_family_multicast":{"type":"bool","description_kind":"plain","optional":true},"subsequent_address_family_unicast":{"type":"bool","description_kind":"plain","optional":true},"virtual_router":{"type":"string","description_kind":"plain","required":true}},"description_kind":"plain"}},"panos_bgp_peer_group":{"version":0,"block":{"attributes":{"aggregated_confed_as_path":{"type":"bool","description_kind":"plain","optional":true},"enable":{"type":"bool","description_kind":"plain","optional":true},"export_next_hop":{"type":"string","description_kind":"plain","optional":true},"id":{"type":"string","description_kind":"plain","optional":true,"computed":true},"import_next_hop":{"type":"string","description_kind":"plain","optional":true},"name":{"type":"string","description_kind":"plain","required":true},"remove_private_as":{"type":"bool","description_kind":"plain","optional":true},"soft_reset_with_stored_info":{"type":"bool","description_kind":"plain","optional":true},"type":{"type":"string","description_kind":"plain","optional":true},"virtual_router":{"type":"string","description_kind":"plain","required":true}},"description_kind":"plain"}},"panos_bgp_redist_rule":{"version":0,"block":{"attributes":{"address_family":{"type":"string","description_kind":"plain","optional":true},"enable":{"type":"bool","description_kind":"plain","optional":true},"id":{"type":"string","description_kind":"plain","optional":true,"computed":true},"metric":{"type":"number","description_kind":"plain","optional":true},"name":{"type":"string","description_kind":"plain","required":true},"route_table":{"type":"string","description_kind":"plain","optional":true},"set_as_path_limit":{"type":"number","description_kind":"plain","optional":true},"set_communities":{"type":["list","string"],"description_kind":"plain","optional":true},"set_extended_communities":{"type":["list","string"],"description_kind":"plain","optional":true},"set_local_preference":{"type":"string","description_kind":"plain","optional":true},"set_med":{"type":"string","description_kind":"plain","optional":true},"set_origin":{"type":"string","description_kind":"plain","optional":true},"virtual_router":{"type":"string","description_kind":"plain","required":true}},"description_kind":"plain"}},"panos_custom_data_pattern_object":{"version":0,"block":{"attributes":{"description":{"type":"string","description":"Description","description_kind":"plain","optional":true},"device_group":{"type":"string","description_kind":"plain","optional":true},"id":{"type":"string","description_kind":"plain","optional":true,"computed":true},"name":{"type":"string","description":"Security profile name","description_kind":"plain","required":true},"type":{"type":"string","description":"Type","description_kind":"plain","optional":true},"vsys":{"type":"string","description_kind":"plain","optional":true}},"block_types":{"file_property":{"nesting_mode":"list","block":{"attributes":{"file_property":{"type":"string","description":"File property","description_kind":"plain","required":true},"file_type":{"type":"string","description":"The file type","description_kind":"plain","required":true},"name":{"type":"string","description":"Name","description_kind":"plain","required":true},"property_value":{"type":"string","description":"Property value","description_kind":"plain","required":true}},"description_kind":"plain"}},"predefined_pattern":{"nesting_mode":"list","block":{"attributes":{"file_types":{"type":["list","string"],"description":"List of file types","description_kind":"plain","optional":true},"name":{"type":"string","description":"Name","description_kind":"plain","required":true}},"description_kind":"plain"}},"regex":{"nesting_mode":"list","block":{"attributes":{"file_types":{"type":["list","string"],"description":"List of file types","description_kind":"plain","optional":true},"name":{"type":"string","description":"Name","description_kind":"plain","required":true},"regex":{"type":"string","description":"The regex","description_kind":"plain","required":true}},"description_kind":"plain"}}},"description_kind":"plain"}},"panos_dag_tags":{"version":0,"block":{"attributes":{"id":{"type":"string","description_kind":"plain","optional":true,"computed":true},"vsys":{"type":"string","description":"The vsys to config DAG tags for","description_kind":"plain","optional":true}},"block_types":{"register":{"nesting_mode":"set","block":{"attributes":{"ip":{"type":"string","description_kind":"plain","required":true},"tags":{"type":["set","string"],"description_kind":"plain","required":true}},"description_kind":"plain"},"min_items":1}},"description_kind":"plain"}},"panos_data_filtering_security_profile":{"version":0,"block":{"attributes":{"data_capture":{"type":"bool","description":"Data capture","description_kind":"plain","optional":true},"description":{"type":"string","description":"Description","description_kind":"plain","optional":true},"device_group":{"type":"string","description_kind":"plain","optional":true},"id":{"type":"string","description_kind":"plain","optional":true,"computed":true},"name":{"type":"string","description":"Security profile name","description_kind":"plain","required":true},"vsys":{"type":"string","description_kind":"plain","optional":true}},"block_types":{"rule":{"nesting_mode":"list","block":{"attributes":{"alert_threshold":{"type":"number","description":"Alert threshold","description_kind":"plain","optional":true},"applications":{"type":["list","string"],"description":"List of applications","description_kind":"plain","optional":true},"block_threshold":{"type":"number","description":"Block threshold","description_kind":"plain","optional":true},"data_pattern":{"type":"string","description":"The data pattern to use","description_kind":"plain","required":true},"direction":{"type":"string","description":"Direction","description_kind":"plain","optional":true},"file_types":{"type":["list","string"],"description":"List of file types","description_kind":"plain","optional":true},"log_severity":{"type":"string","description":"(PAN-OS 8.0+) Log severity","description_kind":"plain","optional":true},"name":{"type":"string","description":"Rule name","description_kind":"plain","computed":true}},"description_kind":"plain"}}},"description_kind":"plain"}},"panos_device_group_parent":{"version":0,"block":{"attributes":{"device_group":{"type":"string","description":"The device group name","description_kind":"plain","required":true},"id":{"type":"string","description_kind":"plain","optional":true,"computed":true},"parent":{"type":"string","description":"The device group's parent","description_kind":"plain","optional":true}},"description_kind":"plain"}},"panos_dos_protection_profile":{"version":0,"block":{"attributes":{"description":{"type":"string","description":"Description","description_kind":"plain","optional":true},"device_group":{"type":"string","description_kind":"plain","optional":true},"enable_sessions_protections":{"type":"bool","description":"Enable sessions protections","description_kind":"plain","optional":true},"id":{"type":"string","description_kind":"plain","optional":true,"computed":true},"max_concurrent_sessions":{"type":"number","description":"Max concurrent sessions","description_kind":"plain","optional":true},"name":{"type":"string","description":"Security profile name","description_kind":"plain","required":true},"type":{"type":"string","description":"The profile type","description_kind":"plain","optional":true},"vsys":{"type":"string","description_kind":"plain","optional":true}},"block_types":{"icmp":{"nesting_mode":"list","block":{"attributes":{"activate_rate":{"type":"number","description":"Activate rate","description_kind":"plain","optional":true},"alarm_rate":{"type":"number","description":"Alarm rate","description_kind":"plain","optional":true},"block_duration":{"type":"number","description":"Block duration","description_kind":"plain","optional":true},"enable":{"type":"bool","description":"Enable this protection or not","description_kind":"plain","optional":true},"max_rate":{"type":"number","description":"Max rate","description_kind":"plain","optional":true}},"description_kind":"plain"},"max_items":1},"icmpv6":{"nesting_mode":"list","block":{"attributes":{"activate_rate":{"type":"number","description":"Activate rate","description_kind":"plain","optional":true},"alarm_rate":{"type":"number","description":"Alarm rate","description_kind":"plain","optional":true},"block_duration":{"type":"number","description":"Block duration","description_kind":"plain","optional":true},"enable":{"type":"bool","description":"Enable this protection or not","description_kind":"plain","optional":true},"max_rate":{"type":"number","description":"Max rate","description_kind":"plain","optional":true}},"description_kind":"plain"},"max_items":1},"other":{"nesting_mode":"list","block":{"attributes":{"activate_rate":{"type":"number","description":"Activate rate","description_kind":"plain","optional":true},"alarm_rate":{"type":"number","description":"Alarm rate","description_kind":"plain","optional":true},"block_duration":{"type":"number","description":"Block duration","description_kind":"plain","optional":true},"enable":{"type":"bool","description":"Enable this protection or not","description_kind":"plain","optional":true},"max_rate":{"type":"number","description":"Max rate","description_kind":"plain","optional":true}},"description_kind":"plain"},"max_items":1},"syn":{"nesting_mode":"list","block":{"attributes":{"action":{"type":"string","description":"SYN protection action","description_kind":"plain","required":true},"activate_rate":{"type":"number","description":"Activate rate","description_kind":"plain","optional":true},"alarm_rate":{"type":"number","description":"Alarm rate","description_kind":"plain","optional":true},"block_duration":{"type":"number","description":"Block duration","description_kind":"plain","optional":true},"enable":{"type":"bool","description":"Enable this protection or not","description_kind":"plain","optional":true},"max_rate":{"type":"number","description":"Max rate","description_kind":"plain","optional":true}},"description_kind":"plain"},"max_items":1},"udp":{"nesting_mode":"list","block":{"attributes":{"activate_rate":{"type":"number","description":"Activate rate","description_kind":"plain","optional":true},"alarm_rate":{"type":"number","description":"Alarm rate","description_kind":"plain","optional":true},"block_duration":{"type":"number","description":"Block duration","description_kind":"plain","optional":true},"enable":{"type":"bool","description":"Enable this protection or not","description_kind":"plain","optional":true},"max_rate":{"type":"number","description":"Max rate","description_kind":"plain","optional":true}},"description_kind":"plain"},"max_items":1}},"description_kind":"plain"}},"panos_dynamic_user_group":{"version":0,"block":{"attributes":{"description":{"type":"string","description":"Description","description_kind":"plain","optional":true},"device_group":{"type":"string","description_kind":"plain","optional":true},"filter":{"type":"string","description":"The dynamic user group filter","description_kind":"plain","required":true},"id":{"type":"string","description_kind":"plain","optional":true,"computed":true},"name":{"type":"string","description":"The object name","description_kind":"plain","required":true},"tags":{"type":["list","string"],"description_kind":"plain","optional":true},"vsys":{"type":"string","description_kind":"plain","optional":true}},"description_kind":"plain"}},"panos_edl":{"version":0,"block":{"attributes":{"certificate_profile":{"type":"string","description_kind":"plain","optional":true},"description":{"type":"string","description_kind":"plain","optional":true},"exceptions":{"type":["list","string"],"description_kind":"plain","optional":true},"id":{"type":"string","description_kind":"plain","optional":true,"computed":true},"name":{"type":"string","description_kind":"plain","required":true},"password":{"type":"string","description_kind":"plain","optional":true,"sensitive":true},"password_enc":{"type":"string","description_kind":"plain","computed":true,"sensitive":true},"repeat":{"type":"string","description_kind":"plain","optional":true},"repeat_at":{"type":"string","description_kind":"plain","optional":true},"repeat_day_of_month":{"type":"number","description_kind":"plain","optional":true},"repeat_day_of_week":{"type":"string","description_kind":"plain","optional":true},"source":{"type":"string","description_kind":"plain","optional":true},"type":{"type":"string","description_kind":"plain","optional":true},"username":{"type":"string","description_kind":"plain","optional":true},"vsys":{"type":"string","description_kind":"plain","optional":true}},"description_kind":"plain"}},"panos_email_server_profile":{"version":0,"block":{"attributes":{"auth_format":{"type":"string","description_kind":"plain","optional":true},"config_format":{"type":"string","description_kind":"plain","optional":true},"data_format":{"type":"string","description_kind":"plain","optional":true},"escape_character":{"type":"string","description_kind":"plain","optional":true},"escaped_characters":{"type":"string","description_kind":"plain","optional":true},"gtp_format":{"type":"string","description_kind":"plain","optional":true},"hip_match_format":{"type":"string","description_kind":"plain","optional":true},"id":{"type":"string","description_kind":"plain","optional":true,"computed":true},"iptag_format":{"type":"string","description_kind":"plain","optional":true},"name":{"type":"string","description_kind":"plain","required":true},"sctp_format":{"type":"string","description_kind":"plain","optional":true},"system_format":{"type":"string","description_kind":"plain","optional":true},"threat_format":{"type":"string","description_kind":"plain","optional":true},"traffic_format":{"type":"string","description_kind":"plain","optional":true},"tunnel_format":{"type":"string","description_kind":"plain","optional":true},"url_format":{"type":"string","description_kind":"plain","optional":true},"user_id_format":{"type":"string","description_kind":"plain","optional":true},"vsys":{"type":"string","description_kind":"plain","optional":true},"wildfire_format":{"type":"string","description_kind":"plain","optional":true}},"block_types":{"email_server":{"nesting_mode":"list","block":{"attributes":{"also_to_email":{"type":"string","description_kind":"plain","optional":true},"display_name":{"type":"string","description_kind":"plain","optional":true},"email_gateway":{"type":"string","description_kind":"plain","required":true},"from_email":{"type":"string","description_kind":"plain","required":true},"name":{"type":"string","description_kind":"plain","required":true},"to_email":{"type":"string","description_kind":"plain","required":true}},"description_kind":"plain"},"min_items":1}},"description_kind":"plain"}},"panos_ethernet_interface":{"version":0,"block":{"attributes":{"adjust_tcp_mss":{"type":"bool","description_kind":"plain","optional":true},"aggregate_group":{"type":"string","description_kind":"plain","optional":true},"comment":{"type":"string","description_kind":"plain","optional":true},"create_dhcp_default_route":{"type":"bool","description_kind":"plain","optional":true},"decrypt_forward":{"type":"bool","description_kind":"plain","optional":true},"dhcp_default_route_metric":{"type":"number","description_kind":"plain","optional":true},"dhcp_send_hostname_enable":{"type":"bool","description_kind":"plain","optional":true},"dhcp_send_hostname_value":{"type":"string","description_kind":"plain","optional":true},"enable_dhcp":{"type":"bool","description_kind":"plain","optional":true},"id":{"type":"string","description_kind":"plain","optional":true,"computed":true},"ipv4_mss_adjust":{"type":"number","description_kind":"plain","optional":true},"ipv6_enabled":{"type":"bool","description_kind":"plain","optional":true},"ipv6_mss_adjust":{"type":"number","description_kind":"plain","optional":true},"lacp_ha_passive_pre_negotiation":{"type":"bool","description_kind":"plain","optional":true},"lacp_port_priority":{"type":"number","description_kind":"plain","optional":true},"link_duplex":{"type":"string","description_kind":"plain","optional":true},"link_speed":{"type":"string","description_kind":"plain","optional":true},"link_state":{"type":"string","description_kind":"plain","optional":true},"lldp_enabled":{"type":"bool","description_kind":"plain","optional":true},"lldp_ha_passive_pre_negotiation":{"type":"bool","description_kind":"plain","optional":true},"lldp_profile":{"type":"string","description_kind":"plain","optional":true},"management_profile":{"type":"string","description_kind":"plain","optional":true},"mode":{"type":"string","description":"The interface mode (layer3, layer2, virtual-wire, tap, ha, decrypt-mirror, aggregate-group)","description_kind":"plain","required":true},"mtu":{"type":"number","description_kind":"plain","optional":true},"name":{"type":"string","description_kind":"plain","required":true},"netflow_profile":{"type":"string","description_kind":"plain","optional":true},"rx_policing_rate":{"type":"number","description_kind":"plain","optional":true},"static_ips":{"type":["list","string"],"description":"List of static IP addresses","description_kind":"plain","optional":true},"tx_policing_rate":{"type":"number","description_kind":"plain","optional":true},"vsys":{"type":"string","description_kind":"plain","optional":true}},"description_kind":"plain"}},"panos_file_blocking_security_profile":{"version":0,"block":{"attributes":{"description":{"type":"string","description":"Description","description_kind":"plain","optional":true},"device_group":{"type":"string","description_kind":"plain","optional":true},"id":{"type":"string","description_kind":"plain","optional":true,"computed":true},"name":{"type":"string","description":"Security profile name","description_kind":"plain","required":true},"vsys":{"type":"string","description_kind":"plain","optional":true}},"block_types":{"rule":{"nesting_mode":"list","block":{"attributes":{"action":{"type":"string","description":"The action to take (note that forward and forward-and-continue are PAN-OS 6.1 only)","description_kind":"plain","optional":true},"applications":{"type":["list","string"],"description":"List of applications","description_kind":"plain","optional":true},"direction":{"type":"string","description":"The direction","description_kind":"plain","optional":true},"file_types":{"type":["list","string"],"description":"List of file types","description_kind":"plain","optional":true},"name":{"type":"string","description":"Rule name","description_kind":"plain","required":true}},"description_kind":"plain"}}},"description_kind":"plain"}},"panos_general_settings":{"version":0,"block":{"attributes":{"dns_primary":{"type":"string","description":"Primary DNS IP address","description_kind":"plain","optional":true,"computed":true},"dns_secondary":{"type":"string","description":"Secondary DNS IP address","description_kind":"plain","optional":true,"computed":true},"domain":{"type":"string","description":"Domain","description_kind":"plain","optional":true,"computed":true},"hostname":{"type":"string","description":"The firewall hostname","description_kind":"plain","optional":true,"computed":true},"id":{"type":"string","description_kind":"plain","optional":true,"computed":true},"ntp_primary_address":{"type":"string","description":"Primary NTP server","description_kind":"plain","optional":true,"computed":true},"ntp_primary_algorithm":{"type":"string","description":"NTP symmetric-key algorithm (sha1 or md5)","description_kind":"plain","optional":true,"computed":true},"ntp_primary_auth_key":{"type":"string","description":"NTP symmetric-key auth key","description_kind":"plain","optional":true,"computed":true},"ntp_primary_auth_type":{"type":"string","description":"NTP auth type (none, autokey, symmetric-key)","description_kind":"plain","optional":true,"computed":true},"ntp_primary_key_id":{"type":"number","description":"NTP symmetric-key key ID","description_kind":"plain","optional":true,"computed":true},"ntp_secondary_address":{"type":"string","description":"Secondary NTP server","description_kind":"plain","optional":true,"computed":true},"ntp_secondary_algorithm":{"type":"string","description":"NTP symmetric-key algorithm (sha1 or md5)","description_kind":"plain","optional":true,"computed":true},"ntp_secondary_auth_key":{"type":"string","description":"NTP symmetric-key auth key","description_kind":"plain","optional":true,"computed":true},"ntp_secondary_auth_type":{"type":"string","description":"NTP auth type (none, autokey, symmetric-key)","description_kind":"plain","optional":true,"computed":true},"ntp_secondary_key_id":{"type":"number","description":"NTP symmetric-key key ID","description_kind":"plain","optional":true,"computed":true},"proxy_password":{"type":"string","description_kind":"plain","optional":true,"computed":true,"sensitive":true},"proxy_password_enc":{"type":"string","description_kind":"plain","computed":true,"sensitive":true},"proxy_port":{"type":"number","description_kind":"plain","optional":true,"computed":true},"proxy_server":{"type":"string","description_kind":"plain","optional":true,"computed":true},"proxy_user":{"type":"string","description_kind":"plain","optional":true,"computed":true},"timezone":{"type":"string","description":"Timezone","description_kind":"plain","optional":true,"computed":true},"update_server":{"type":"string","description":"PANOS update server","description_kind":"plain","optional":true},"verify_update_server":{"type":"bool","description":"Verify update server identity","description_kind":"plain","optional":true}},"description_kind":"plain"}},"panos_gre_tunnel":{"version":0,"block":{"attributes":{"copy_tos":{"type":"bool","description_kind":"plain","optional":true},"disabled":{"type":"bool","description_kind":"plain","optional":true},"enable_keep_alive":{"type":"bool","description_kind":"plain","optional":true},"id":{"type":"string","description_kind":"plain","optional":true,"computed":true},"interface":{"type":"string","description_kind":"plain","required":true},"keep_alive_hold_timer":{"type":"number","description_kind":"plain","optional":true},"keep_alive_interval":{"type":"number","description_kind":"plain","optional":true},"keep_alive_retry":{"type":"number","description_kind":"plain","optional":true},"local_address_type":{"type":"string","description_kind":"plain","optional":true},"local_address_value":{"type":"string","description_kind":"plain","required":true},"name":{"type":"string","description_kind":"plain","required":true},"peer_address":{"type":"string","description_kind":"plain","required":true},"ttl":{"type":"number","description_kind":"plain","optional":true},"tunnel_interface":{"type":"string","description_kind":"plain","required":true}},"description_kind":"plain"}},"panos_http_server_profile":{"version":0,"block":{"attributes":{"id":{"type":"string","description_kind":"plain","optional":true,"computed":true},"name":{"type":"string","description_kind":"plain","required":true},"password_enc":{"type":["map","string"],"description_kind":"plain","computed":true,"sensitive":true},"password_raw":{"type":["map","string"],"description_kind":"plain","computed":true,"sensitive":true},"tag_registration":{"type":"bool","description_kind":"plain","optional":true},"vsys":{"type":"string","description_kind":"plain","optional":true}},"block_types":{"auth_format":{"nesting_mode":"list","block":{"attributes":{"headers":{"type":["map","string"],"description_kind":"plain","optional":true},"name":{"type":"string","description_kind":"plain","optional":true},"params":{"type":["map","string"],"description_kind":"plain","optional":true},"payload":{"type":"string","description_kind":"plain","optional":true},"uri_format":{"type":"string","description_kind":"plain","optional":true}},"description_kind":"plain"},"max_items":1},"config_format":{"nesting_mode":"list","block":{"attributes":{"headers":{"type":["map","string"],"description_kind":"plain","optional":true},"name":{"type":"string","description_kind":"plain","optional":true},"params":{"type":["map","string"],"description_kind":"plain","optional":true},"payload":{"type":"string","description_kind":"plain","optional":true},"uri_format":{"type":"string","description_kind":"plain","optional":true}},"description_kind":"plain"},"max_items":1},"data_format":{"nesting_mode":"list","block":{"attributes":{"headers":{"type":["map","string"],"description_kind":"plain","optional":true},"name":{"type":"string","description_kind":"plain","optional":true},"params":{"type":["map","string"],"description_kind":"plain","optional":true},"payload":{"type":"string","description_kind":"plain","optional":true},"uri_format":{"type":"string","description_kind":"plain","optional":true}},"description_kind":"plain"},"max_items":1},"gtp_format":{"nesting_mode":"list","block":{"attributes":{"headers":{"type":["map","string"],"description_kind":"plain","optional":true},"name":{"type":"string","description_kind":"plain","optional":true},"params":{"type":["map","string"],"description_kind":"plain","optional":true},"payload":{"type":"string","description_kind":"plain","optional":true},"uri_format":{"type":"string","description_kind":"plain","optional":true}},"description_kind":"plain"},"max_items":1},"hip_match_format":{"nesting_mode":"list","block":{"attributes":{"headers":{"type":["map","string"],"description_kind":"plain","optional":true},"name":{"type":"string","description_kind":"plain","optional":true},"params":{"type":["map","string"],"description_kind":"plain","optional":true},"payload":{"type":"string","description_kind":"plain","optional":true},"uri_format":{"type":"string","description_kind":"plain","optional":true}},"description_kind":"plain"},"max_items":1},"http_server":{"nesting_mode":"list","block":{"attributes":{"address":{"type":"string","description_kind":"plain","required":true},"certificate_profile":{"type":"string","description_kind":"plain","optional":true},"http_method":{"type":"string","description_kind":"plain","optional":true},"name":{"type":"string","description_kind":"plain","required":true},"password":{"type":"string","description_kind":"plain","optional":true,"sensitive":true},"port":{"type":"number","description_kind":"plain","optional":true},"protocol":{"type":"string","description_kind":"plain","optional":true},"tls_version":{"type":"string","description_kind":"plain","optional":true},"username":{"type":"string","description_kind":"plain","optional":true}},"description_kind":"plain"},"min_items":1},"iptag_format":{"nesting_mode":"list","block":{"attributes":{"headers":{"type":["map","string"],"description_kind":"plain","optional":true},"name":{"type":"string","description_kind":"plain","optional":true},"params":{"type":["map","string"],"description_kind":"plain","optional":true},"payload":{"type":"string","description_kind":"plain","optional":true},"uri_format":{"type":"string","description_kind":"plain","optional":true}},"description_kind":"plain"},"max_items":1},"sctp_format":{"nesting_mode":"list","block":{"attributes":{"headers":{"type":["map","string"],"description_kind":"plain","optional":true},"name":{"type":"string","description_kind":"plain","optional":true},"params":{"type":["map","string"],"description_kind":"plain","optional":true},"payload":{"type":"string","description_kind":"plain","optional":true},"uri_format":{"type":"string","description_kind":"plain","optional":true}},"description_kind":"plain"},"max_items":1},"system_format":{"nesting_mode":"list","block":{"attributes":{"headers":{"type":["map","string"],"description_kind":"plain","optional":true},"name":{"type":"string","description_kind":"plain","optional":true},"params":{"type":["map","string"],"description_kind":"plain","optional":true},"payload":{"type":"string","description_kind":"plain","optional":true},"uri_format":{"type":"string","description_kind":"plain","optional":true}},"description_kind":"plain"},"max_items":1},"threat_format":{"nesting_mode":"list","block":{"attributes":{"headers":{"type":["map","string"],"description_kind":"plain","optional":true},"name":{"type":"string","description_kind":"plain","optional":true},"params":{"type":["map","string"],"description_kind":"plain","optional":true},"payload":{"type":"string","description_kind":"plain","optional":true},"uri_format":{"type":"string","description_kind":"plain","optional":true}},"description_kind":"plain"},"max_items":1},"traffic_format":{"nesting_mode":"list","block":{"attributes":{"headers":{"type":["map","string"],"description_kind":"plain","optional":true},"name":{"type":"string","description_kind":"plain","optional":true},"params":{"type":["map","string"],"description_kind":"plain","optional":true},"payload":{"type":"string","description_kind":"plain","optional":true},"uri_format":{"type":"string","description_kind":"plain","optional":true}},"description_kind":"plain"},"max_items":1},"tunnel_format":{"nesting_mode":"list","block":{"attributes":{"headers":{"type":["map","string"],"description_kind":"plain","optional":true},"name":{"type":"string","description_kind":"plain","optional":true},"params":{"type":["map","string"],"description_kind":"plain","optional":true},"payload":{"type":"string","description_kind":"plain","optional":true},"uri_format":{"type":"string","description_kind":"plain","optional":true}},"description_kind":"plain"},"max_items":1},"url_format":{"nesting_mode":"list","block":{"attributes":{"headers":{"type":["map","string"],"description_kind":"plain","optional":true},"name":{"type":"string","description_kind":"plain","optional":true},"params":{"type":["map","string"],"description_kind":"plain","optional":true},"payload":{"type":"string","description_kind":"plain","optional":true},"uri_format":{"type":"string","description_kind":"plain","optional":true}},"description_kind":"plain"},"max_items":1},"user_id_format":{"nesting_mode":"list","block":{"attributes":{"headers":{"type":["map","string"],"description_kind":"plain","optional":true},"name":{"type":"string","description_kind":"plain","optional":true},"params":{"type":["map","string"],"description_kind":"plain","optional":true},"payload":{"type":"string","description_kind":"plain","optional":true},"uri_format":{"type":"string","description_kind":"plain","optional":true}},"description_kind":"plain"},"max_items":1},"wildfire_format":{"nesting_mode":"list","block":{"attributes":{"headers":{"type":["map","string"],"description_kind":"plain","optional":true},"name":{"type":"string","description_kind":"plain","optional":true},"params":{"type":["map","string"],"description_kind":"plain","optional":true},"payload":{"type":"string","description_kind":"plain","optional":true},"uri_format":{"type":"string","description_kind":"plain","optional":true}},"description_kind":"plain"},"max_items":1}},"description_kind":"plain"}},"panos_ike_crypto_profile":{"version":0,"block":{"attributes":{"authentication_multiple":{"type":"number","description_kind":"plain","optional":true},"authentications":{"type":["list","string"],"description_kind":"plain","required":true},"dh_groups":{"type":["list","string"],"description_kind":"plain","required":true},"encryptions":{"type":["list","string"],"description_kind":"plain","required":true},"id":{"type":"string","description_kind":"plain","optional":true,"computed":true},"lifetime_type":{"type":"string","description_kind":"plain","optional":true},"lifetime_value":{"type":"number","description_kind":"plain","optional":true},"name":{"type":"string","description_kind":"plain","required":true}},"description_kind":"plain"}},"panos_ike_gateway":{"version":0,"block":{"attributes":{"auth_type":{"type":"string","description_kind":"plain","optional":true},"cert_base_url":{"type":"string","description_kind":"plain","optional":true},"cert_enable_hash_and_url":{"type":"bool","description_kind":"plain","optional":true},"cert_enable_strict_validation":{"type":"bool","description_kind":"plain","optional":true},"cert_permit_payload_mismatch":{"type":"bool","description_kind":"plain","optional":true},"cert_profile":{"type":"string","description_kind":"plain","optional":true},"cert_use_management_as_source":{"type":"bool","description_kind":"plain","optional":true},"dead_peer_detection_interval":{"type":"number","description_kind":"plain","optional":true},"dead_peer_detection_retry":{"type":"number","description_kind":"plain","optional":true},"disabled":{"type":"bool","description_kind":"plain","optional":true},"enable_dead_peer_detection":{"type":"bool","description_kind":"plain","optional":true},"enable_fragmentation":{"type":"bool","description_kind":"plain","optional":true},"enable_ipv6":{"type":"bool","description_kind":"plain","optional":true},"enable_liveness_check":{"type":"bool","description_kind":"plain","optional":true},"enable_nat_traversal":{"type":"bool","description_kind":"plain","optional":true},"enable_passive_mode":{"type":"bool","description_kind":"plain","optional":true},"id":{"type":"string","description_kind":"plain","optional":true,"computed":true},"ikev1_crypto_profile":{"type":"string","description_kind":"plain","optional":true},"ikev1_exchange_mode":{"type":"string","description_kind":"plain","optional":true},"ikev2_cookie_validation":{"type":"bool","description_kind":"plain","optional":true},"ikev2_crypto_profile":{"type":"string","description_kind":"plain","optional":true},"interface":{"type":"string","description_kind":"plain","required":true},"liveness_check_interval":{"type":"number","description_kind":"plain","optional":true},"local_cert":{"type":"string","description_kind":"plain","optional":true},"local_id_type":{"type":"string","description_kind":"plain","optional":true},"local_id_value":{"type":"string","description_kind":"plain","optional":true},"local_ip_address_type":{"type":"string","description_kind":"plain","optional":true},"local_ip_address_value":{"type":"string","description_kind":"plain","optional":true},"name":{"type":"string","description_kind":"plain","required":true},"nat_traversal_enable_udp_checksum":{"type":"bool","description_kind":"plain","optional":true},"nat_traversal_keep_alive":{"type":"number","description_kind":"plain","optional":true},"peer_id_check":{"type":"string","description_kind":"plain","optional":true},"peer_id_type":{"type":"string","description_kind":"plain","optional":true},"peer_id_value":{"type":"string","description_kind":"plain","optional":true},"peer_ip_type":{"type":"string","description_kind":"plain","optional":true},"peer_ip_value":{"type":"string","description_kind":"plain","optional":true},"pre_shared_key":{"type":"string","description_kind":"plain","optional":true,"sensitive":true},"pre_shared_key_enc":{"type":"string","description_kind":"plain","computed":true,"sensitive":true},"version":{"type":"string","description_kind":"plain","optional":true}},"description_kind":"plain"}},"panos_ip_tag":{"version":0,"block":{"attributes":{"id":{"type":"string","description_kind":"plain","optional":true,"computed":true},"ip":{"type":"string","description":"IP address to tag","description_kind":"plain","required":true},"tags":{"type":["set","string"],"description":"Tags","description_kind":"plain","required":true},"vsys":{"type":"string","description_kind":"plain","optional":true}},"description_kind":"plain"}},"panos_ipsec_crypto_profile":{"version":0,"block":{"attributes":{"authentications":{"type":["list","string"],"description_kind":"plain","required":true},"dh_group":{"type":"string","description_kind":"plain","optional":true},"encryptions":{"type":["list","string"],"description_kind":"plain","required":true},"id":{"type":"string","description_kind":"plain","optional":true,"computed":true},"lifesize_type":{"type":"string","description_kind":"plain","optional":true},"lifesize_value":{"type":"number","description_kind":"plain","optional":true},"lifetime_type":{"type":"string","description_kind":"plain","optional":true},"lifetime_value":{"type":"number","description_kind":"plain","optional":true},"name":{"type":"string","description_kind":"plain","required":true},"protocol":{"type":"string","description_kind":"plain","optional":true}},"description_kind":"plain"}},"panos_ipsec_tunnel":{"version":0,"block":{"attributes":{"ak_ike_gateway":{"type":"string","description_kind":"plain","optional":true},"ak_ipsec_crypto_profile":{"type":"string","description_kind":"plain","optional":true},"anti_replay":{"type":"bool","description_kind":"plain","optional":true},"copy_flow_label":{"type":"bool","description_kind":"plain","optional":true},"copy_tos":{"type":"bool","description_kind":"plain","optional":true},"disabled":{"type":"bool","description_kind":"plain","optional":true},"enable_ipv6":{"type":"bool","description_kind":"plain","optional":true},"enable_tunnel_monitor":{"type":"bool","description_kind":"plain","optional":true},"gps_certificate_profile":{"type":"string","description_kind":"plain","optional":true},"gps_interface":{"type":"string","description_kind":"plain","optional":true},"gps_interface_floating_ip_ipv4":{"type":"string","description_kind":"plain","optional":true},"gps_interface_floating_ip_ipv6":{"type":"string","description_kind":"plain","optional":true},"gps_interface_ip_ipv4":{"type":"string","description_kind":"plain","optional":true},"gps_interface_ip_ipv6":{"type":"string","description_kind":"plain","optional":true},"gps_local_certificate":{"type":"string","description_kind":"plain","optional":true},"gps_portal_address":{"type":"string","description_kind":"plain","optional":true},"gps_prefer_ipv6":{"type":"bool","description_kind":"plain","optional":true},"gps_publish_connected_routes":{"type":"bool","description_kind":"plain","optional":true},"gps_publish_routes":{"type":["list","string"],"description_kind":"plain","optional":true},"id":{"type":"string","description_kind":"plain","optional":true,"computed":true},"mk_auth_key":{"type":"string","description_kind":"plain","optional":true,"sensitive":true},"mk_auth_key_enc":{"type":"string","description_kind":"plain","computed":true,"sensitive":true},"mk_auth_type":{"type":"string","description_kind":"plain","optional":true},"mk_esp_encryption_key":{"type":"string","description_kind":"plain","optional":true,"sensitive":true},"mk_esp_encryption_key_enc":{"type":"string","description_kind":"plain","computed":true,"sensitive":true},"mk_esp_encryption_type":{"type":"string","description_kind":"plain","optional":true},"mk_interface":{"type":"string","description_kind":"plain","optional":true},"mk_local_address_floating_ip":{"type":"string","description_kind":"plain","optional":true},"mk_local_address_ip":{"type":"string","description_kind":"plain","optional":true},"mk_local_spi":{"type":"string","description_kind":"plain","optional":true},"mk_protocol":{"type":"string","description_kind":"plain","optional":true},"mk_remote_address":{"type":"string","description_kind":"plain","optional":true},"mk_remote_spi":{"type":"string","description_kind":"plain","optional":true},"name":{"type":"string","description_kind":"plain","required":true},"tunnel_interface":{"type":"string","description_kind":"plain","required":true},"tunnel_monitor_destination_ip":{"type":"string","description_kind":"plain","optional":true},"tunnel_monitor_profile":{"type":"string","description_kind":"plain","optional":true},"tunnel_monitor_proxy_id":{"type":"string","description_kind":"plain","optional":true},"tunnel_monitor_source_ip":{"type":"string","description_kind":"plain","optional":true},"type":{"type":"string","description_kind":"plain","optional":true}},"description_kind":"plain"}},"panos_ipsec_tunnel_proxy_id_ipv4":{"version":0,"block":{"attributes":{"id":{"type":"string","description_kind":"plain","optional":true,"computed":true},"ipsec_tunnel":{"type":"string","description_kind":"plain","required":true},"local":{"type":"string","description_kind":"plain","optional":true},"name":{"type":"string","description_kind":"plain","required":true},"protocol_any":{"type":"bool","description_kind":"plain","optional":true},"protocol_number":{"type":"number","description_kind":"plain","optional":true},"protocol_tcp_local":{"type":"number","description_kind":"plain","optional":true},"protocol_tcp_remote":{"type":"number","description_kind":"plain","optional":true},"protocol_udp_local":{"type":"number","description_kind":"plain","optional":true},"protocol_udp_remote":{"type":"number","description_kind":"plain","optional":true},"remote":{"type":"string","description_kind":"plain","optional":true}},"description_kind":"plain"}},"panos_layer2_subinterface":{"version":0,"block":{"attributes":{"comment":{"type":"string","description_kind":"plain","optional":true},"id":{"type":"string","description_kind":"plain","optional":true,"computed":true},"interface_type":{"type":"string","description_kind":"plain","optional":true},"name":{"type":"string","description_kind":"plain","required":true},"netflow_profile":{"type":"string","description_kind":"plain","optional":true},"parent_interface":{"type":"string","description_kind":"plain","required":true},"parent_mode":{"type":"string","description_kind":"plain","optional":true},"tag":{"type":"number","description_kind":"plain","optional":true},"vsys":{"type":"string","description_kind":"plain","optional":true}},"description_kind":"plain"}},"panos_layer3_subinterface":{"version":0,"block":{"attributes":{"adjust_tcp_mss":{"type":"bool","description_kind":"plain","optional":true},"comment":{"type":"string","description_kind":"plain","optional":true},"create_dhcp_default_route":{"type":"bool","description_kind":"plain","optional":true},"decrypt_forward":{"type":"bool","description_kind":"plain","optional":true},"dhcp_default_route_metric":{"type":"number","description_kind":"plain","optional":true},"dhcp_send_hostname_enable":{"type":"bool","description_kind":"plain","optional":true},"dhcp_send_hostname_value":{"type":"string","description_kind":"plain","optional":true},"enable_dhcp":{"type":"bool","description_kind":"plain","optional":true},"id":{"type":"string","description_kind":"plain","optional":true,"computed":true},"interface_type":{"type":"string","description_kind":"plain","optional":true},"ipv4_mss_adjust":{"type":"number","description_kind":"plain","optional":true},"ipv6_enabled":{"type":"bool","description_kind":"plain","optional":true},"ipv6_interface_id":{"type":"string","description_kind":"plain","optional":true},"ipv6_mss_adjust":{"type":"number","description_kind":"plain","optional":true},"management_profile":{"type":"string","description_kind":"plain","optional":true},"mtu":{"type":"number","description_kind":"plain","optional":true},"name":{"type":"string","description_kind":"plain","required":true},"netflow_profile":{"type":"string","description_kind":"plain","optional":true},"parent_interface":{"type":"string","description_kind":"plain","required":true},"static_ips":{"type":["list","string"],"description":"List of static IP addresses","description_kind":"plain","optional":true},"tag":{"type":"number","description_kind":"plain","optional":true},"vsys":{"type":"string","description_kind":"plain","optional":true}},"description_kind":"plain"}},"panos_license_api_key":{"version":0,"block":{"attributes":{"id":{"type":"string","description_kind":"plain","optional":true,"computed":true},"key":{"type":"string","description_kind":"plain","required":true},"retain_key":{"type":"bool","description_kind":"plain","optional":true}},"description_kind":"plain"}},"panos_licensing":{"version":0,"block":{"attributes":{"auth_codes":{"type":["list","string"],"description_kind":"plain","required":true},"delicense":{"type":"bool","description_kind":"plain","optional":true},"id":{"type":"string","description_kind":"plain","optional":true,"computed":true},"licenses":{"type":["list",["object",{"auth_code":"string","description":"string","expired":"string","expires":"string","feature":"string","issued":"string","serial":"string"}]],"description_kind":"plain","computed":true},"mode":{"type":"string","description_kind":"plain","optional":true}},"description_kind":"plain"}},"panos_log_forwarding_profile":{"version":0,"block":{"attributes":{"description":{"type":"string","description_kind":"plain","optional":true},"enhanced_logging":{"type":"bool","description_kind":"plain","optional":true},"id":{"type":"string","description_kind":"plain","optional":true,"computed":true},"name":{"type":"string","description_kind":"plain","required":true},"vsys":{"type":"string","description_kind":"plain","optional":true}},"block_types":{"match_list":{"nesting_mode":"list","block":{"attributes":{"description":{"type":"string","description_kind":"plain","optional":true},"email_server_profiles":{"type":["set","string"],"description_kind":"plain","optional":true},"filter":{"type":"string","description_kind":"plain","optional":true},"http_server_profiles":{"type":["set","string"],"description_kind":"plain","optional":true},"log_type":{"type":"string","description_kind":"plain","optional":true},"name":{"type":"string","description_kind":"plain","required":true},"send_to_panorama":{"type":"bool","description_kind":"plain","optional":true},"snmptrap_server_profiles":{"type":["set","string"],"description_kind":"plain","optional":true},"syslog_server_profiles":{"type":["set","string"],"description_kind":"plain","optional":true}},"block_types":{"action":{"nesting_mode":"list","block":{"attributes":{"name":{"type":"string","description_kind":"plain","required":true}},"block_types":{"azure_integration":{"nesting_mode":"list","block":{"attributes":{"azure_integration":{"type":"bool","description_kind":"plain","optional":true}},"description_kind":"plain"},"max_items":1},"tagging_integration":{"nesting_mode":"list","block":{"attributes":{"action":{"type":"string","description_kind":"plain","optional":true},"target":{"type":"string","description_kind":"plain","optional":true},"timeout":{"type":"number","description_kind":"plain","optional":true}},"block_types":{"local_registration":{"nesting_mode":"list","block":{"attributes":{"tags":{"type":["list","string"],"description_kind":"plain","required":true}},"description_kind":"plain"},"max_items":1},"panorama_registration":{"nesting_mode":"list","block":{"attributes":{"tags":{"type":["list","string"],"description_kind":"plain","required":true}},"description_kind":"plain"},"max_items":1},"remote_registration":{"nesting_mode":"list","block":{"attributes":{"http_profile":{"type":"string","description_kind":"plain","required":true},"tags":{"type":["list","string"],"description_kind":"plain","required":true}},"description_kind":"plain"},"max_items":1}},"description_kind":"plain"},"max_items":1}},"description_kind":"plain"}}},"description_kind":"plain"}}},"description_kind":"plain"}},"panos_loopback_interface":{"version":0,"block":{"attributes":{"adjust_tcp_mss":{"type":"bool","description_kind":"plain","optional":true},"comment":{"type":"string","description_kind":"plain","optional":true},"id":{"type":"string","description_kind":"plain","optional":true,"computed":true},"ipv4_mss_adjust":{"type":"number","description_kind":"plain","optional":true},"ipv6_mss_adjust":{"type":"number","description_kind":"plain","optional":true},"management_profile":{"type":"string","description_kind":"plain","optional":true},"mtu":{"type":"number","description_kind":"plain","optional":true},"name":{"type":"string","description_kind":"plain","required":true},"netflow_profile":{"type":"string","description_kind":"plain","optional":true},"static_ips":{"type":["list","string"],"description":"List of static IP addresses","description_kind":"plain","optional":true},"vsys":{"type":"string","description_kind":"plain","optional":true}},"description_kind":"plain"}},"panos_management_profile":{"version":0,"block":{"attributes":{"http":{"type":"bool","description_kind":"plain","optional":true},"http_ocsp":{"type":"bool","description_kind":"plain","optional":true},"https":{"type":"bool","description_kind":"plain","optional":true},"id":{"type":"string","description_kind":"plain","optional":true,"computed":true},"name":{"type":"string","description_kind":"plain","required":true},"permitted_ips":{"type":["list","string"],"description_kind":"plain","optional":true},"ping":{"type":"bool","description_kind":"plain","optional":true},"response_pages":{"type":"bool","description_kind":"plain","optional":true},"snmp":{"type":"bool","description_kind":"plain","optional":true},"ssh":{"type":"bool","description_kind":"plain","optional":true},"telnet":{"type":"bool","description_kind":"plain","optional":true},"userid_service":{"type":"bool","description_kind":"plain","optional":true},"userid_syslog_listener_ssl":{"type":"bool","description_kind":"plain","optional":true},"userid_syslog_listener_udp":{"type":"bool","description_kind":"plain","optional":true}},"description_kind":"plain"}},"panos_monitor_profile":{"version":0,"block":{"attributes":{"action":{"type":"string","description_kind":"plain","optional":true},"id":{"type":"string","description_kind":"plain","optional":true,"computed":true},"interval":{"type":"number","description_kind":"plain","optional":true},"name":{"type":"string","description_kind":"plain","required":true},"threshold":{"type":"number","description_kind":"plain","optional":true}},"description_kind":"plain"}},"panos_nat_policy":{"version":1,"block":{"attributes":{"dat_address":{"type":"string","description_kind":"plain","optional":true},"dat_dynamic_distribution":{"type":"string","description_kind":"plain","optional":true},"dat_port":{"type":"number","description_kind":"plain","optional":true},"dat_type":{"type":"string","description_kind":"plain","optional":true},"description":{"type":"string","description_kind":"plain","optional":true},"destination_addresses":{"type":["list","string"],"description_kind":"plain","required":true},"destination_zone":{"type":"string","description_kind":"plain","required":true},"disabled":{"type":"bool","description_kind":"plain","optional":true},"id":{"type":"string","description_kind":"plain","optional":true,"computed":true},"name":{"type":"string","description_kind":"plain","required":true},"rulebase":{"type":"string","description":"The Panorama rulebase","description_kind":"plain","optional":true,"computed":true},"sat_address_type":{"type":"string","description":"interface-address or translated-address","description_kind":"plain","optional":true},"sat_fallback_interface":{"type":"string","description_kind":"plain","optional":true},"sat_fallback_ip_address":{"type":"string","description_kind":"plain","optional":true},"sat_fallback_ip_type":{"type":"string","description_kind":"plain","optional":true},"sat_fallback_translated_addresses":{"type":["list","string"],"description_kind":"plain","optional":true},"sat_fallback_type":{"type":"string","description_kind":"plain","optional":true},"sat_interface":{"type":"string","description_kind":"plain","optional":true},"sat_ip_address":{"type":"string","description_kind":"plain","optional":true},"sat_static_bi_directional":{"type":"bool","description_kind":"plain","optional":true},"sat_static_translated_address":{"type":"string","description_kind":"plain","optional":true},"sat_translated_addresses":{"type":["list","string"],"description_kind":"plain","optional":true},"sat_type":{"type":"string","description":"none (default), dynamic-ip-and-port, dynamic-ip, or static-ip","description_kind":"plain","optional":true},"service":{"type":"string","description_kind":"plain","optional":true},"source_addresses":{"type":["list","string"],"description_kind":"plain","required":true},"source_zones":{"type":["list","string"],"description_kind":"plain","required":true},"tags":{"type":["list","string"],"description_kind":"plain","optional":true},"to_interface":{"type":"string","description_kind":"plain","optional":true},"type":{"type":"string","description":"NAT type (ipv4 default, nat64, or nptv6)","description_kind":"plain","optional":true},"vsys":{"type":"string","description":"The vsys to put this object in (default: vsys1)","description_kind":"plain","optional":true}},"description_kind":"plain"}},"panos_nat_rule":{"version":1,"block":{"attributes":{"dat_address":{"type":"string","description_kind":"plain","optional":true},"dat_dynamic_distribution":{"type":"string","description_kind":"plain","optional":true},"dat_port":{"type":"number","description_kind":"plain","optional":true},"dat_type":{"type":"string","description_kind":"plain","optional":true},"description":{"type":"string","description_kind":"plain","optional":true},"destination_addresses":{"type":["list","string"],"description_kind":"plain","required":true},"destination_zone":{"type":"string","description_kind":"plain","required":true},"disabled":{"type":"bool","description_kind":"plain","optional":true},"id":{"type":"string","description_kind":"plain","optional":true,"computed":true},"name":{"type":"string","description_kind":"plain","required":true},"rulebase":{"type":"string","description":"The Panorama rulebase","description_kind":"plain","optional":true,"computed":true},"sat_address_type":{"type":"string","description":"interface-address or translated-address","description_kind":"plain","optional":true},"sat_fallback_interface":{"type":"string","description_kind":"plain","optional":true},"sat_fallback_ip_address":{"type":"string","description_kind":"plain","optional":true},"sat_fallback_ip_type":{"type":"string","description_kind":"plain","optional":true},"sat_fallback_translated_addresses":{"type":["list","string"],"description_kind":"plain","optional":true},"sat_fallback_type":{"type":"string","description_kind":"plain","optional":true},"sat_interface":{"type":"string","description_kind":"plain","optional":true},"sat_ip_address":{"type":"string","description_kind":"plain","optional":true},"sat_static_bi_directional":{"type":"bool","description_kind":"plain","optional":true},"sat_static_translated_address":{"type":"string","description_kind":"plain","optional":true},"sat_translated_addresses":{"type":["list","string"],"description_kind":"plain","optional":true},"sat_type":{"type":"string","description":"none (default), dynamic-ip-and-port, dynamic-ip, or static-ip","description_kind":"plain","optional":true},"service":{"type":"string","description_kind":"plain","optional":true},"source_addresses":{"type":["list","string"],"description_kind":"plain","required":true},"source_zones":{"type":["list","string"],"description_kind":"plain","required":true},"tags":{"type":["list","string"],"description_kind":"plain","optional":true},"to_interface":{"type":"string","description_kind":"plain","optional":true},"type":{"type":"string","description":"NAT type (ipv4 default, nat64, or nptv6)","description_kind":"plain","optional":true},"vsys":{"type":"string","description":"The vsys to put this object in (default: vsys1)","description_kind":"plain","optional":true}},"description_kind":"plain"}},"panos_nat_rule_group":{"version":0,"block":{"attributes":{"id":{"type":"string","description_kind":"plain","optional":true,"computed":true},"position_keyword":{"type":"string","description":"The position keyword for this group of rules","description_kind":"plain","optional":true},"position_reference":{"type":"string","description":"The position reference for this group of rules","description_kind":"plain","optional":true},"vsys":{"type":"string","description_kind":"plain","optional":true}},"block_types":{"rule":{"nesting_mode":"list","block":{"attributes":{"description":{"type":"string","description_kind":"plain","optional":true},"disabled":{"type":"bool","description_kind":"plain","optional":true},"name":{"type":"string","description_kind":"plain","required":true},"tags":{"type":["list","string"],"description_kind":"plain","optional":true},"type":{"type":"string","description_kind":"plain","optional":true}},"block_types":{"original_packet":{"nesting_mode":"list","block":{"attributes":{"destination_addresses":{"type":["set","string"],"description_kind":"plain","required":true},"destination_interface":{"type":"string","description_kind":"plain","optional":true},"destination_zone":{"type":"string","description_kind":"plain","required":true},"service":{"type":"string","description_kind":"plain","optional":true},"source_addresses":{"type":["set","string"],"description_kind":"plain","required":true},"source_zones":{"type":["set","string"],"description_kind":"plain","required":true}},"description_kind":"plain"},"min_items":1,"max_items":1},"translated_packet":{"nesting_mode":"list","block":{"block_types":{"destination":{"nesting_mode":"list","block":{"block_types":{"dynamic":{"nesting_mode":"list","block":{"attributes":{"address":{"type":"string","description_kind":"plain","required":true},"distribution":{"type":"string","description_kind":"plain","optional":true},"port":{"type":"number","description_kind":"plain","optional":true}},"description_kind":"plain"},"max_items":1},"dynamic_translation":{"nesting_mode":"list","block":{"attributes":{"address":{"type":"string","description_kind":"plain","required":true},"distribution":{"type":"string","description_kind":"plain","optional":true},"port":{"type":"number","description_kind":"plain","optional":true}},"description_kind":"plain"},"max_items":1},"static":{"nesting_mode":"list","block":{"attributes":{"address":{"type":"string","description_kind":"plain","required":true},"port":{"type":"number","description_kind":"plain","optional":true}},"description_kind":"plain"},"max_items":1},"static_translation":{"nesting_mode":"list","block":{"attributes":{"address":{"type":"string","description_kind":"plain","required":true},"port":{"type":"number","description_kind":"plain","optional":true}},"description_kind":"plain"},"max_items":1}},"description_kind":"plain"},"min_items":1,"max_items":1},"source":{"nesting_mode":"list","block":{"block_types":{"dynamic_ip":{"nesting_mode":"list","block":{"attributes":{"translated_addresses":{"type":["set","string"],"description_kind":"plain","required":true}},"block_types":{"fallback":{"nesting_mode":"list","block":{"block_types":{"interface_address":{"nesting_mode":"list","block":{"attributes":{"interface":{"type":"string","description_kind":"plain","required":true},"ip_address":{"type":"string","description_kind":"plain","optional":true},"type":{"type":"string","description_kind":"plain","optional":true}},"description_kind":"plain"},"max_items":1},"translated_address":{"nesting_mode":"list","block":{"attributes":{"translated_addresses":{"type":["set","string"],"description_kind":"plain","optional":true}},"description_kind":"plain"},"max_items":1}},"description_kind":"plain"},"max_items":1}},"description_kind":"plain"},"max_items":1},"dynamic_ip_and_port":{"nesting_mode":"list","block":{"block_types":{"interface_address":{"nesting_mode":"list","block":{"attributes":{"interface":{"type":"string","description_kind":"plain","required":true},"ip_address":{"type":"string","description_kind":"plain","optional":true}},"description_kind":"plain"},"max_items":1},"translated_address":{"nesting_mode":"list","block":{"attributes":{"translated_addresses":{"type":["set","string"],"description_kind":"plain","optional":true}},"description_kind":"plain"},"max_items":1}},"description_kind":"plain"},"max_items":1},"static_ip":{"nesting_mode":"list","block":{"attributes":{"bi_directional":{"type":"bool","description_kind":"plain","optional":true},"translated_address":{"type":"string","description_kind":"plain","required":true}},"description_kind":"plain"},"max_items":1}},"description_kind":"plain"},"min_items":1,"max_items":1}},"description_kind":"plain"},"min_items":1,"max_items":1}},"description_kind":"plain"},"min_items":1}},"description_kind":"plain"}},"panos_ospf":{"version":0,"block":{"attributes":{"allow_redistribute_default_route":{"type":"bool","description":"Allow redistribute default route","description_kind":"plain","optional":true},"bfd_profile":{"type":"string","description":"BFD profile name","description_kind":"plain","optional":true},"enable":{"type":"bool","description":"Enable flag","description_kind":"plain","optional":true},"enable_graceful_restart":{"type":"bool","description":"Enable graceful restart","description_kind":"plain","optional":true},"grace_period":{"type":"number","description":"Grace period","description_kind":"plain","optional":true},"helper_enable":{"type":"bool","description":"Helper enable","description_kind":"plain","optional":true},"id":{"type":"string","description_kind":"plain","optional":true,"computed":true},"lsa_interval":{"type":"number","description":"LSA interval","description_kind":"plain","optional":true},"max_neighbor_restart_time":{"type":"number","description":"Max neighbor restart time","description_kind":"plain","optional":true},"reject_default_route":{"type":"bool","description":"Reject default route","description_kind":"plain","optional":true},"rfc_1583":{"type":"bool","description":"RFC 1583","description_kind":"plain","optional":true},"router_id":{"type":"string","description":"Router ID","description_kind":"plain","optional":true},"spf_calculation_delay":{"type":"number","description":"SPF calculation delay","description_kind":"plain","optional":true},"strict_lsa_checking":{"type":"bool","description":"Strict LSA checking","description_kind":"plain","optional":true},"template":{"type":"string","description_kind":"plain","optional":true},"template_stack":{"type":"string","description_kind":"plain","optional":true},"virtual_router":{"type":"string","description":"The virtual router","description_kind":"plain","required":true}},"description_kind":"plain"}},"panos_ospf_area":{"version":0,"block":{"attributes":{"accept_summary":{"type":"bool","description":"(stub/nssa) Accept summary","description_kind":"plain","optional":true},"advertise_metric":{"type":"number","description":"(stub/nssa) Advertise metric","description_kind":"plain","optional":true},"advertise_type":{"type":"string","description":"(nssa) Advertise type","description_kind":"plain","optional":true},"default_route_advertise":{"type":"bool","description":"(stub/nssa) Default route advertise","description_kind":"plain","optional":true},"id":{"type":"string","description_kind":"plain","optional":true,"computed":true},"name":{"type":"string","description":"Name","description_kind":"plain","required":true},"template":{"type":"string","description_kind":"plain","optional":true},"template_stack":{"type":"string","description_kind":"plain","optional":true},"type":{"type":"string","description":"Area type","description_kind":"plain","optional":true},"virtual_router":{"type":"string","description":"The virtual router","description_kind":"plain","required":true}},"block_types":{"ext_range":{"nesting_mode":"list","block":{"attributes":{"action":{"type":"string","description":"Action","description_kind":"plain","optional":true},"network":{"type":"string","description":"Network","description_kind":"plain","required":true}},"description_kind":"plain"}},"range":{"nesting_mode":"list","block":{"attributes":{"action":{"type":"string","description":"Action","description_kind":"plain","optional":true},"network":{"type":"string","description":"Network","description_kind":"plain","required":true}},"description_kind":"plain"}}},"description_kind":"plain"}},"panos_ospf_area_interface":{"version":0,"block":{"attributes":{"auth_profile":{"type":"string","description":"Auth profile","description_kind":"plain","optional":true},"bfd_profile":{"type":"string","description":"BFD profile","description_kind":"plain","optional":true},"dead_counts":{"type":"number","description":"Dead counts","description_kind":"plain","optional":true},"enable":{"type":"bool","description":"Enable","description_kind":"plain","optional":true},"grace_restart_delay":{"type":"number","description":"Graceful restart hello delay in seconds","description_kind":"plain","optional":true},"hello_interval":{"type":"number","description":"Hello interval in seconds","description_kind":"plain","optional":true},"id":{"type":"string","description_kind":"plain","optional":true,"computed":true},"link_type":{"type":"string","description":"Link type","description_kind":"plain","optional":true},"metric":{"type":"number","description":"Metric","description_kind":"plain","optional":true},"name":{"type":"string","description":"Name","description_kind":"plain","required":true},"neighbors":{"type":["set","string"],"description":"(p2mp) List of neighbors","description_kind":"plain","optional":true},"ospf_area":{"type":"string","description":"The OSPF area name","description_kind":"plain","required":true},"passive":{"type":"bool","description":"Passive","description_kind":"plain","optional":true},"priority":{"type":"number","description":"Priority","description_kind":"plain","optional":true},"retransmit_interval":{"type":"number","description":"Retransmit interval in seconds","description_kind":"plain","optional":true},"template":{"type":"string","description_kind":"plain","optional":true},"template_stack":{"type":"string","description_kind":"plain","optional":true},"transit_delay":{"type":"number","description":"Transit delay in seconds","description_kind":"plain","optional":true},"virtual_router":{"type":"string","description":"The virtual router","description_kind":"plain","required":true}},"description_kind":"plain"}},"panos_ospf_area_virtual_link":{"version":0,"block":{"attributes":{"auth_profile":{"type":"string","description":"Auth profile","description_kind":"plain","optional":true},"bfd_profile":{"type":"string","description":"BFD profile","description_kind":"plain","optional":true},"dead_counts":{"type":"number","description":"Dead counts","description_kind":"plain","optional":true},"enable":{"type":"bool","description":"Enable","description_kind":"plain","optional":true},"hello_interval":{"type":"number","description":"Hello interval in seconds","description_kind":"plain","optional":true},"id":{"type":"string","description_kind":"plain","optional":true,"computed":true},"name":{"type":"string","description":"Name","description_kind":"plain","required":true},"neighbor_id":{"type":"string","description":"Neighbor ID","description_kind":"plain","required":true},"ospf_area":{"type":"string","description":"The OSPF area name","description_kind":"plain","required":true},"retransmit_interval":{"type":"number","description":"Retransmit interval in seconds","description_kind":"plain","optional":true},"template":{"type":"string","description_kind":"plain","optional":true},"template_stack":{"type":"string","description_kind":"plain","optional":true},"transit_area_id":{"type":"string","description":"Transit area ID","description_kind":"plain","required":true},"transit_delay":{"type":"number","description":"Transit delay in seconds","description_kind":"plain","optional":true},"virtual_router":{"type":"string","description":"The virtual router","description_kind":"plain","required":true}},"description_kind":"plain"}},"panos_ospf_auth_profile":{"version":0,"block":{"attributes":{"auth_type":{"type":"string","description":"The auth type","description_kind":"plain","optional":true},"id":{"type":"string","description_kind":"plain","optional":true,"computed":true},"md5_keys_enc":{"type":["list",["object",{"enc":"string","raw":"string"}]],"description":"The encrypted form of the MD5 keys","description_kind":"plain","computed":true,"sensitive":true},"name":{"type":"string","description":"Name","description_kind":"plain","required":true},"password":{"type":"string","description":"The simple password","description_kind":"plain","optional":true,"sensitive":true},"password_enc":{"type":"string","description":"Encrypted form of the simple password","description_kind":"plain","computed":true,"sensitive":true},"template":{"type":"string","description_kind":"plain","optional":true},"template_stack":{"type":"string","description_kind":"plain","optional":true},"virtual_router":{"type":"string","description":"The virtual router","description_kind":"plain","required":true}},"block_types":{"md5_key":{"nesting_mode":"list","block":{"attributes":{"key":{"type":"string","description":"MD5 key","description_kind":"plain","required":true,"sensitive":true},"key_id":{"type":"number","description":"MD5 key ID","description_kind":"plain","required":true},"preferred":{"type":"bool","description":"Preferred key","description_kind":"plain","optional":true}},"description_kind":"plain"}}},"description_kind":"plain"}},"panos_ospf_export":{"version":0,"block":{"attributes":{"id":{"type":"string","description_kind":"plain","optional":true,"computed":true},"metric":{"type":"number","description":"Metric","description_kind":"plain","optional":true},"name":{"type":"string","description":"The export rule name","description_kind":"plain","required":true},"path_type":{"type":"string","description":"Path type","description_kind":"plain","optional":true},"tag":{"type":"string","description":"Tag","description_kind":"plain","optional":true},"template":{"type":"string","description_kind":"plain","optional":true},"template_stack":{"type":"string","description_kind":"plain","optional":true},"virtual_router":{"type":"string","description":"The virtual router","description_kind":"plain","required":true}},"description_kind":"plain"}},"panos_panorama_address_group":{"version":0,"block":{"attributes":{"description":{"type":"string","description_kind":"plain","optional":true},"device_group":{"type":"string","description":"The device group to put this address object in","description_kind":"plain","optional":true},"dynamic_match":{"type":"string","description":"Dynamic address group definition","description_kind":"plain","optional":true},"id":{"type":"string","description_kind":"plain","optional":true,"computed":true},"name":{"type":"string","description":"The address object's name","description_kind":"plain","required":true},"static_addresses":{"type":["list","string"],"description":"Static address group entries","description_kind":"plain","optional":true},"tags":{"type":["set","string"],"description":"Administrative tags for the address object","description_kind":"plain","optional":true}},"description_kind":"plain"}},"panos_panorama_address_object":{"version":1,"block":{"attributes":{"description":{"type":"string","description_kind":"plain","optional":true},"device_group":{"type":"string","description_kind":"plain","optional":true},"id":{"type":"string","description_kind":"plain","optional":true,"computed":true},"name":{"type":"string","description_kind":"plain","required":true},"tags":{"type":["list","string"],"description_kind":"plain","optional":true},"type":{"type":"string","description_kind":"plain","optional":true},"value":{"type":"string","description_kind":"plain","required":true},"vsys":{"type":"string","description_kind":"plain","optional":true}},"description_kind":"plain"}},"panos_panorama_administrative_tag":{"version":0,"block":{"attributes":{"color":{"type":"string","description_kind":"plain","optional":true},"comment":{"type":"string","description_kind":"plain","optional":true},"device_group":{"type":"string","description":"The device group to put this administrative tag object in","description_kind":"plain","optional":true},"id":{"type":"string","description_kind":"plain","optional":true,"computed":true},"name":{"type":"string","description":"The administrative tag's name","description_kind":"plain","required":true}},"description_kind":"plain"}},"panos_panorama_aggregate_interface":{"version":0,"block":{"attributes":{"adjust_tcp_mss":{"type":"bool","description_kind":"plain","optional":true},"comment":{"type":"string","description_kind":"plain","optional":true},"create_dhcp_default_route":{"type":"bool","description_kind":"plain","optional":true},"decrypt_forward":{"type":"bool","description_kind":"plain","optional":true},"dhcp_default_route_metric":{"type":"number","description_kind":"plain","optional":true},"dhcp_send_hostname_enable":{"type":"bool","description_kind":"plain","optional":true},"dhcp_send_hostname_value":{"type":"string","description_kind":"plain","optional":true},"enable_dhcp":{"type":"bool","description_kind":"plain","optional":true},"enable_untagged_subinterface":{"type":"bool","description_kind":"plain","optional":true},"id":{"type":"string","description_kind":"plain","optional":true,"computed":true},"ipv4_mss_adjust":{"type":"number","description_kind":"plain","optional":true},"ipv6_enabled":{"type":"bool","description_kind":"plain","optional":true},"ipv6_interface_id":{"type":"string","description_kind":"plain","optional":true},"ipv6_mss_adjust":{"type":"number","description_kind":"plain","optional":true},"lacp_enable":{"type":"bool","description_kind":"plain","optional":true},"lacp_fast_failover":{"type":"bool","description_kind":"plain","optional":true},"lacp_ha_enable_same_system_mac":{"type":"bool","description_kind":"plain","optional":true},"lacp_ha_passive_pre_negotiation":{"type":"bool","description_kind":"plain","optional":true},"lacp_ha_same_system_mac_address":{"type":"string","description_kind":"plain","optional":true},"lacp_max_ports":{"type":"number","description_kind":"plain","optional":true},"lacp_mode":{"type":"string","description_kind":"plain","optional":true},"lacp_system_priority":{"type":"number","description_kind":"plain","optional":true},"lacp_transmission_rate":{"type":"string","description_kind":"plain","optional":true},"lldp_enable":{"type":"bool","description_kind":"plain","optional":true},"lldp_ha_passive_pre_negotiation":{"type":"bool","description_kind":"plain","optional":true},"lldp_profile":{"type":"string","description_kind":"plain","optional":true},"management_profile":{"type":"string","description_kind":"plain","optional":true},"mode":{"type":"string","description_kind":"plain","optional":true},"mtu":{"type":"number","description_kind":"plain","optional":true},"name":{"type":"string","description_kind":"plain","required":true},"netflow_profile":{"type":"string","description_kind":"plain","optional":true},"static_ips":{"type":["list","string"],"description":"List of static IP addresses","description_kind":"plain","optional":true},"template":{"type":"string","description_kind":"plain","required":true},"vsys":{"type":"string","description_kind":"plain","optional":true}},"description_kind":"plain"}},"panos_panorama_application_group":{"version":0,"block":{"attributes":{"applications":{"type":["list","string"],"description_kind":"plain","optional":true},"device_group":{"type":"string","description_kind":"plain","optional":true},"id":{"type":"string","description_kind":"plain","optional":true,"computed":true},"name":{"type":"string","description_kind":"plain","required":true}},"description_kind":"plain"}},"panos_panorama_application_object":{"version":0,"block":{"attributes":{"able_to_file_transfer":{"type":"bool","description_kind":"plain","optional":true},"alg_disable_capability":{"type":"string","description_kind":"plain","optional":true},"category":{"type":"string","description_kind":"plain","required":true},"continue_scanning_for_other_applications":{"type":"bool","description_kind":"plain","optional":true},"description":{"type":"string","description_kind":"plain","optional":true},"device_group":{"type":"string","description_kind":"plain","optional":true},"evasive_behavior":{"type":"bool","description_kind":"plain","optional":true},"excessive_bandwidth":{"type":"bool","description_kind":"plain","optional":true},"has_known_vulnerability":{"type":"bool","description_kind":"plain","optional":true},"id":{"type":"string","description_kind":"plain","optional":true,"computed":true},"name":{"type":"string","description_kind":"plain","required":true},"no_app_id_caching":{"type":"bool","description_kind":"plain","optional":true},"parent_app":{"type":"string","description_kind":"plain","optional":true},"pervasive_use":{"type":"bool","description_kind":"plain","optional":true},"prone_to_misuse":{"type":"bool","description_kind":"plain","optional":true},"risk":{"type":"number","description_kind":"plain","optional":true},"subcategory":{"type":"string","description_kind":"plain","required":true},"technology":{"type":"string","description_kind":"plain","required":true},"tunnels_other_applications":{"type":"bool","description_kind":"plain","optional":true},"used_by_malware":{"type":"bool","description_kind":"plain","optional":true}},"block_types":{"defaults":{"nesting_mode":"list","block":{"block_types":{"icmp":{"nesting_mode":"list","block":{"attributes":{"code":{"type":"number","description_kind":"plain","optional":true},"type":{"type":"number","description_kind":"plain","required":true}},"description_kind":"plain"},"max_items":1},"icmp6":{"nesting_mode":"list","block":{"attributes":{"code":{"type":"number","description_kind":"plain","optional":true},"type":{"type":"number","description_kind":"plain","required":true}},"description_kind":"plain"},"max_items":1},"ip_protocol":{"nesting_mode":"list","block":{"attributes":{"value":{"type":"number","description_kind":"plain","required":true}},"description_kind":"plain"},"max_items":1},"port":{"nesting_mode":"list","block":{"attributes":{"ports":{"type":["list","string"],"description_kind":"plain","required":true}},"description_kind":"plain"},"max_items":1}},"description_kind":"plain"},"max_items":1},"scanning":{"nesting_mode":"list","block":{"attributes":{"data_patterns":{"type":"bool","description_kind":"plain","optional":true},"file_types":{"type":"bool","description_kind":"plain","optional":true},"viruses":{"type":"bool","description_kind":"plain","optional":true}},"description_kind":"plain"},"max_items":1},"timeout_settings":{"nesting_mode":"list","block":{"attributes":{"tcp_half_closed":{"type":"number","description_kind":"plain","optional":true},"tcp_time_wait":{"type":"number","description_kind":"plain","optional":true},"tcp_timeout":{"type":"number","description_kind":"plain","optional":true},"timeout":{"type":"number","description_kind":"plain","optional":true},"udp_timeout":{"type":"number","description_kind":"plain","optional":true}},"description_kind":"plain"},"max_items":1}},"description_kind":"plain"}},"panos_panorama_application_signature":{"version":0,"block":{"attributes":{"application_object":{"type":"string","description_kind":"plain","required":true},"comment":{"type":"string","description_kind":"plain","optional":true},"device_group":{"type":"string","description_kind":"plain","optional":true},"id":{"type":"string","description_kind":"plain","optional":true,"computed":true},"name":{"type":"string","description_kind":"plain","required":true},"ordered_match":{"type":"bool","description_kind":"plain","optional":true},"scope":{"type":"string","description_kind":"plain","optional":true}},"block_types":{"and_condition":{"nesting_mode":"list","block":{"attributes":{"name":{"type":"string","description_kind":"plain","computed":true}},"block_types":{"or_condition":{"nesting_mode":"list","block":{"attributes":{"name":{"type":"string","description_kind":"plain","computed":true}},"block_types":{"equal_to":{"nesting_mode":"list","block":{"attributes":{"context":{"type":"string","description_kind":"plain","required":true},"mask":{"type":"string","description_kind":"plain","optional":true},"position":{"type":"string","description_kind":"plain","optional":true},"value":{"type":"string","description_kind":"plain","required":true}},"description_kind":"plain"},"max_items":1},"greater_than":{"nesting_mode":"list","block":{"attributes":{"context":{"type":"string","description_kind":"plain","required":true},"qualifiers":{"type":["map","string"],"description_kind":"plain","optional":true},"value":{"type":"string","description_kind":"plain","required":true}},"description_kind":"plain"},"max_items":1},"less_than":{"nesting_mode":"list","block":{"attributes":{"context":{"type":"string","description_kind":"plain","required":true},"qualifiers":{"type":["map","string"],"description_kind":"plain","optional":true},"value":{"type":"string","description_kind":"plain","required":true}},"description_kind":"plain"},"max_items":1},"pattern_match":{"nesting_mode":"list","block":{"attributes":{"context":{"type":"string","description_kind":"plain","required":true},"pattern":{"type":"string","description_kind":"plain","required":true},"qualifiers":{"type":["map","string"],"description_kind":"plain","optional":true}},"description_kind":"plain"},"max_items":1}},"description_kind":"plain"},"min_items":1}},"description_kind":"plain"}}},"description_kind":"plain"}},"panos_panorama_bfd_profile":{"version":0,"block":{"attributes":{"detection_multiplier":{"type":"number","description_kind":"plain","optional":true},"hold_time":{"type":"number","description_kind":"plain","optional":true},"id":{"type":"string","description_kind":"plain","optional":true,"computed":true},"minimum_rx_interval":{"type":"number","description_kind":"plain","optional":true},"minimum_rx_ttl":{"type":"number","description_kind":"plain","optional":true},"minimum_tx_interval":{"type":"number","description_kind":"plain","optional":true},"mode":{"type":"string","description_kind":"plain","optional":true},"name":{"type":"string","description_kind":"plain","required":true},"template":{"type":"string","description_kind":"plain","optional":true},"template_stack":{"type":"string","description_kind":"plain","optional":true}},"description_kind":"plain"}},"panos_panorama_bgp":{"version":0,"block":{"attributes":{"aggregate_med":{"type":"bool","description_kind":"plain","optional":true},"allow_redistribute_default_route":{"type":"bool","description_kind":"plain","optional":true},"always_compare_med":{"type":"bool","description_kind":"plain","optional":true},"as_format":{"type":"string","description_kind":"plain","optional":true},"as_number":{"type":"string","description_kind":"plain","optional":true},"bfd_profile":{"type":"string","description_kind":"plain","optional":true},"confederation_member_as":{"type":"string","description_kind":"plain","optional":true},"default_local_preference":{"type":"string","description_kind":"plain","optional":true},"deterministic_med_comparison":{"type":"bool","description_kind":"plain","optional":true},"ecmp_multi_as":{"type":"bool","description_kind":"plain","optional":true},"enable":{"type":"bool","description_kind":"plain","optional":true},"enable_graceful_restart":{"type":"bool","description_kind":"plain","optional":true},"enforce_first_as":{"type":"bool","description_kind":"plain","optional":true},"id":{"type":"string","description_kind":"plain","optional":true,"computed":true},"install_route":{"type":"bool","description_kind":"plain","optional":true},"local_restart_time":{"type":"number","description_kind":"plain","optional":true},"max_peer_restart_time":{"type":"number","description_kind":"plain","optional":true},"reflector_cluster_id":{"type":"string","description_kind":"plain","optional":true},"reject_default_route":{"type":"bool","description_kind":"plain","optional":true},"router_id":{"type":"string","description_kind":"plain","optional":true},"stale_route_time":{"type":"number","description_kind":"plain","optional":true},"template":{"type":"string","description_kind":"plain","optional":true},"template_stack":{"type":"string","description_kind":"plain","optional":true},"virtual_router":{"type":"string","description_kind":"plain","required":true}},"description_kind":"plain"}},"panos_panorama_bgp_aggregate":{"version":0,"block":{"attributes":{"as_path_limit":{"type":"number","description_kind":"plain","optional":true},"as_path_type":{"type":"string","description_kind":"plain","optional":true},"as_path_value":{"type":"string","description_kind":"plain","optional":true},"as_set":{"type":"bool","description_kind":"plain","optional":true},"community_type":{"type":"string","description_kind":"plain","optional":true},"community_value":{"type":"string","description_kind":"plain","optional":true},"enable":{"type":"bool","description_kind":"plain","optional":true},"extended_community_type":{"type":"string","description_kind":"plain","optional":true},"extended_community_value":{"type":"string","description_kind":"plain","optional":true},"id":{"type":"string","description_kind":"plain","optional":true,"computed":true},"local_preference":{"type":"string","description_kind":"plain","optional":true},"med":{"type":"string","description_kind":"plain","optional":true},"name":{"type":"string","description_kind":"plain","required":true},"next_hop":{"type":"string","description_kind":"plain","optional":true},"origin":{"type":"string","description_kind":"plain","optional":true},"prefix":{"type":"string","description_kind":"plain","required":true},"summary":{"type":"bool","description_kind":"plain","optional":true},"template":{"type":"string","description_kind":"plain","optional":true},"template_stack":{"type":"string","description_kind":"plain","optional":true},"virtual_router":{"type":"string","description_kind":"plain","required":true},"weight":{"type":"number","description_kind":"plain","optional":true}},"description_kind":"plain"}},"panos_panorama_bgp_aggregate_advertise_filter":{"version":0,"block":{"attributes":{"as_path_regex":{"type":"string","description_kind":"plain","optional":true},"bgp_aggregate":{"type":"string","description_kind":"plain","required":true},"community_regex":{"type":"string","description_kind":"plain","optional":true},"enable":{"type":"bool","description_kind":"plain","optional":true},"extended_community_regex":{"type":"string","description_kind":"plain","optional":true},"from_peers":{"type":["list","string"],"description_kind":"plain","optional":true},"id":{"type":"string","description_kind":"plain","optional":true,"computed":true},"med":{"type":"string","description_kind":"plain","optional":true},"name":{"type":"string","description_kind":"plain","required":true},"next_hops":{"type":["list","string"],"description_kind":"plain","optional":true},"route_table":{"type":"string","description_kind":"plain","optional":true},"template":{"type":"string","description_kind":"plain","optional":true},"template_stack":{"type":"string","description_kind":"plain","optional":true},"virtual_router":{"type":"string","description_kind":"plain","required":true}},"block_types":{"address_prefix":{"nesting_mode":"set","block":{"attributes":{"exact":{"type":"bool","description_kind":"plain","optional":true},"prefix":{"type":"string","description_kind":"plain","required":true}},"description_kind":"plain"}}},"description_kind":"plain"}},"panos_panorama_bgp_aggregate_suppress_filter":{"version":0,"block":{"attributes":{"as_path_regex":{"type":"string","description_kind":"plain","optional":true},"bgp_aggregate":{"type":"string","description_kind":"plain","required":true},"community_regex":{"type":"string","description_kind":"plain","optional":true},"enable":{"type":"bool","description_kind":"plain","optional":true},"extended_community_regex":{"type":"string","description_kind":"plain","optional":true},"from_peers":{"type":["list","string"],"description_kind":"plain","optional":true},"id":{"type":"string","description_kind":"plain","optional":true,"computed":true},"med":{"type":"string","description_kind":"plain","optional":true},"name":{"type":"string","description_kind":"plain","required":true},"next_hops":{"type":["list","string"],"description_kind":"plain","optional":true},"route_table":{"type":"string","description_kind":"plain","optional":true},"template":{"type":"string","description_kind":"plain","optional":true},"template_stack":{"type":"string","description_kind":"plain","optional":true},"virtual_router":{"type":"string","description_kind":"plain","required":true}},"block_types":{"address_prefix":{"nesting_mode":"set","block":{"attributes":{"exact":{"type":"bool","description_kind":"plain","optional":true},"prefix":{"type":"string","description_kind":"plain","required":true}},"description_kind":"plain"}}},"description_kind":"plain"}},"panos_panorama_bgp_auth_profile":{"version":0,"block":{"attributes":{"id":{"type":"string","description_kind":"plain","optional":true,"computed":true},"name":{"type":"string","description_kind":"plain","required":true},"secret":{"type":"string","description_kind":"plain","optional":true,"sensitive":true},"secret_enc":{"type":"string","description_kind":"plain","computed":true,"sensitive":true},"template":{"type":"string","description_kind":"plain","optional":true},"template_stack":{"type":"string","description_kind":"plain","optional":true},"virtual_router":{"type":"string","description_kind":"plain","required":true}},"description_kind":"plain"}},"panos_panorama_bgp_conditional_adv":{"version":0,"block":{"attributes":{"enable":{"type":"bool","description_kind":"plain","optional":true},"id":{"type":"string","description_kind":"plain","optional":true,"computed":true},"name":{"type":"string","description_kind":"plain","required":true},"template":{"type":"string","description_kind":"plain","optional":true},"template_stack":{"type":"string","description_kind":"plain","optional":true},"used_by":{"type":["list","string"],"description_kind":"plain","optional":true},"virtual_router":{"type":"string","description_kind":"plain","required":true}},"description_kind":"plain"}},"panos_panorama_bgp_conditional_adv_advertise_filter":{"version":0,"block":{"attributes":{"address_prefixes":{"type":["list","string"],"description_kind":"plain","required":true},"as_path_regex":{"type":"string","description_kind":"plain","optional":true},"bgp_conditional_adv":{"type":"string","description_kind":"plain","required":true},"community_regex":{"type":"string","description_kind":"plain","optional":true},"enable":{"type":"bool","description_kind":"plain","optional":true},"extended_community_regex":{"type":"string","description_kind":"plain","optional":true},"from_peers":{"type":["list","string"],"description_kind":"plain","optional":true},"id":{"type":"string","description_kind":"plain","optional":true,"computed":true},"med":{"type":"string","description_kind":"plain","optional":true},"name":{"type":"string","description_kind":"plain","required":true},"next_hops":{"type":["list","string"],"description_kind":"plain","optional":true},"route_table":{"type":"string","description_kind":"plain","optional":true},"template":{"type":"string","description_kind":"plain","optional":true},"template_stack":{"type":"string","description_kind":"plain","optional":true},"virtual_router":{"type":"string","description_kind":"plain","required":true}},"description_kind":"plain"}},"panos_panorama_bgp_conditional_adv_non_exist_filter":{"version":0,"block":{"attributes":{"address_prefixes":{"type":["list","string"],"description_kind":"plain","required":true},"as_path_regex":{"type":"string","description_kind":"plain","optional":true},"bgp_conditional_adv":{"type":"string","description_kind":"plain","required":true},"community_regex":{"type":"string","description_kind":"plain","optional":true},"enable":{"type":"bool","description_kind":"plain","optional":true},"extended_community_regex":{"type":"string","description_kind":"plain","optional":true},"from_peers":{"type":["list","string"],"description_kind":"plain","optional":true},"id":{"type":"string","description_kind":"plain","optional":true,"computed":true},"med":{"type":"string","description_kind":"plain","optional":true},"name":{"type":"string","description_kind":"plain","required":true},"next_hops":{"type":["list","string"],"description_kind":"plain","optional":true},"route_table":{"type":"string","description_kind":"plain","optional":true},"template":{"type":"string","description_kind":"plain","optional":true},"template_stack":{"type":"string","description_kind":"plain","optional":true},"virtual_router":{"type":"string","description_kind":"plain","required":true}},"description_kind":"plain"}},"panos_panorama_bgp_dampening_profile":{"version":0,"block":{"attributes":{"cutoff":{"type":"number","description_kind":"plain","optional":true},"decay_half_life_reachable":{"type":"number","description_kind":"plain","optional":true},"decay_half_life_unreachable":{"type":"number","description_kind":"plain","optional":true},"enable":{"type":"bool","description_kind":"plain","optional":true},"id":{"type":"string","description_kind":"plain","optional":true,"computed":true},"max_hold_time":{"type":"number","description_kind":"plain","optional":true},"name":{"type":"string","description_kind":"plain","required":true},"reuse":{"type":"number","description_kind":"plain","optional":true},"template":{"type":"string","description_kind":"plain","optional":true},"template_stack":{"type":"string","description_kind":"plain","optional":true},"virtual_router":{"type":"string","description_kind":"plain","required":true}},"description_kind":"plain"}},"panos_panorama_bgp_export_rule_group":{"version":0,"block":{"attributes":{"id":{"type":"string","description_kind":"plain","optional":true,"computed":true},"position_keyword":{"type":"string","description_kind":"plain","optional":true},"position_reference":{"type":"string","description_kind":"plain","optional":true},"template":{"type":"string","description_kind":"plain","optional":true},"template_stack":{"type":"string","description_kind":"plain","optional":true},"virtual_router":{"type":"string","description_kind":"plain","required":true}},"block_types":{"rule":{"nesting_mode":"list","block":{"attributes":{"action":{"type":"string","description_kind":"plain","optional":true},"as_path_limit":{"type":"number","description_kind":"plain","optional":true},"as_path_type":{"type":"string","description_kind":"plain","optional":true},"as_path_value":{"type":"string","description_kind":"plain","optional":true},"community_type":{"type":"string","description_kind":"plain","optional":true},"community_value":{"type":"string","description_kind":"plain","optional":true},"enable":{"type":"bool","description_kind":"plain","optional":true},"extended_community_type":{"type":"string","description_kind":"plain","optional":true},"extended_community_value":{"type":"string","description_kind":"plain","optional":true},"local_preference":{"type":"string","description_kind":"plain","optional":true},"match_as_path_regex":{"type":"string","description_kind":"plain","optional":true},"match_community_regex":{"type":"string","description_kind":"plain","optional":true},"match_extended_community_regex":{"type":"string","description_kind":"plain","optional":true},"match_from_peers":{"type":["list","string"],"description_kind":"plain","optional":true},"match_med":{"type":"string","description_kind":"plain","optional":true},"match_next_hops":{"type":["list","string"],"description_kind":"plain","optional":true},"match_route_table":{"type":"string","description_kind":"plain","optional":true},"med":{"type":"string","description_kind":"plain","optional":true},"name":{"type":"string","description_kind":"plain","required":true},"next_hop":{"type":"string","description_kind":"plain","optional":true},"origin":{"type":"string","description_kind":"plain","optional":true},"used_by":{"type":["list","string"],"description_kind":"plain","optional":true}},"block_types":{"match_address_prefix":{"nesting_mode":"set","block":{"attributes":{"exact":{"type":"bool","description_kind":"plain","optional":true},"prefix":{"type":"string","description_kind":"plain","required":true}},"description_kind":"plain"}}},"description_kind":"plain"},"min_items":1}},"description_kind":"plain"}},"panos_panorama_bgp_import_rule_group":{"version":0,"block":{"attributes":{"id":{"type":"string","description_kind":"plain","optional":true,"computed":true},"position_keyword":{"type":"string","description_kind":"plain","optional":true},"position_reference":{"type":"string","description_kind":"plain","optional":true},"template":{"type":"string","description_kind":"plain","optional":true},"template_stack":{"type":"string","description_kind":"plain","optional":true},"virtual_router":{"type":"string","description_kind":"plain","required":true}},"block_types":{"rule":{"nesting_mode":"list","block":{"attributes":{"action":{"type":"string","description_kind":"plain","optional":true},"as_path_limit":{"type":"number","description_kind":"plain","optional":true},"as_path_type":{"type":"string","description_kind":"plain","optional":true},"community_type":{"type":"string","description_kind":"plain","optional":true},"community_value":{"type":"string","description_kind":"plain","optional":true},"dampening":{"type":"string","description_kind":"plain","optional":true},"enable":{"type":"bool","description_kind":"plain","optional":true},"extended_community_type":{"type":"string","description_kind":"plain","optional":true},"extended_community_value":{"type":"string","description_kind":"plain","optional":true},"local_preference":{"type":"string","description_kind":"plain","optional":true},"match_as_path_regex":{"type":"string","description_kind":"plain","optional":true},"match_community_regex":{"type":"string","description_kind":"plain","optional":true},"match_extended_community_regex":{"type":"string","description_kind":"plain","optional":true},"match_from_peers":{"type":["list","string"],"description_kind":"plain","optional":true},"match_med":{"type":"string","description_kind":"plain","optional":true},"match_next_hops":{"type":["list","string"],"description_kind":"plain","optional":true},"match_route_table":{"type":"string","description_kind":"plain","optional":true},"med":{"type":"string","description_kind":"plain","optional":true},"name":{"type":"string","description_kind":"plain","required":true},"next_hop":{"type":"string","description_kind":"plain","optional":true},"origin":{"type":"string","description_kind":"plain","optional":true},"used_by":{"type":["list","string"],"description_kind":"plain","optional":true},"weight":{"type":"number","description_kind":"plain","optional":true}},"block_types":{"match_address_prefix":{"nesting_mode":"set","block":{"attributes":{"exact":{"type":"bool","description_kind":"plain","optional":true},"prefix":{"type":"string","description_kind":"plain","required":true}},"description_kind":"plain"}}},"description_kind":"plain"},"min_items":1}},"description_kind":"plain"}},"panos_panorama_bgp_peer":{"version":0,"block":{"attributes":{"address_family_type":{"type":"string","description_kind":"plain","optional":true},"allow_incoming_connections":{"type":"bool","description_kind":"plain","optional":true},"allow_outgoing_connections":{"type":"bool","description_kind":"plain","optional":true},"auth_profile":{"type":"string","description_kind":"plain","optional":true},"bfd_profile":{"type":"string","description_kind":"plain","optional":true},"bgp_peer_group":{"type":"string","description_kind":"plain","required":true},"enable":{"type":"bool","description_kind":"plain","optional":true},"enable_mp_bgp":{"type":"bool","description_kind":"plain","optional":true},"enable_sender_side_loop_detection":{"type":"bool","description_kind":"plain","optional":true},"hold_time":{"type":"number","description_kind":"plain","optional":true},"id":{"type":"string","description_kind":"plain","optional":true,"computed":true},"idle_hold_time":{"type":"number","description_kind":"plain","optional":true},"incoming_connections_remote_port":{"type":"number","description_kind":"plain","optional":true},"keep_alive_interval":{"type":"number","description_kind":"plain","optional":true},"local_address_interface":{"type":"string","description_kind":"plain","required":true},"local_address_ip":{"type":"string","description_kind":"plain","optional":true},"max_prefixes":{"type":"string","description_kind":"plain","optional":true},"min_route_advertisement_interval":{"type":"number","description_kind":"plain","optional":true},"multi_hop":{"type":"number","description_kind":"plain","optional":true},"name":{"type":"string","description_kind":"plain","required":true},"open_delay_time":{"type":"number","description_kind":"plain","optional":true},"outgoing_connections_local_port":{"type":"number","description_kind":"plain","optional":true},"peer_address_ip":{"type":"string","description_kind":"plain","required":true},"peer_as":{"type":"string","description_kind":"plain","optional":true},"peering_type":{"type":"string","description_kind":"plain","optional":true},"reflector_client":{"type":"string","description_kind":"plain","optional":true},"subsequent_address_family_multicast":{"type":"bool","description_kind":"plain","optional":true},"subsequent_address_family_unicast":{"type":"bool","description_kind":"plain","optional":true},"template":{"type":"string","description_kind":"plain","optional":true},"template_stack":{"type":"string","description_kind":"plain","optional":true},"virtual_router":{"type":"string","description_kind":"plain","required":true}},"description_kind":"plain"}},"panos_panorama_bgp_peer_group":{"version":0,"block":{"attributes":{"aggregated_confed_as_path":{"type":"bool","description_kind":"plain","optional":true},"enable":{"type":"bool","description_kind":"plain","optional":true},"export_next_hop":{"type":"string","description_kind":"plain","optional":true},"id":{"type":"string","description_kind":"plain","optional":true,"computed":true},"import_next_hop":{"type":"string","description_kind":"plain","optional":true},"name":{"type":"string","description_kind":"plain","required":true},"remove_private_as":{"type":"bool","description_kind":"plain","optional":true},"soft_reset_with_stored_info":{"type":"bool","description_kind":"plain","optional":true},"template":{"type":"string","description_kind":"plain","optional":true},"template_stack":{"type":"string","description_kind":"plain","optional":true},"type":{"type":"string","description_kind":"plain","optional":true},"virtual_router":{"type":"string","description_kind":"plain","required":true}},"description_kind":"plain"}},"panos_panorama_bgp_redist_rule":{"version":0,"block":{"attributes":{"address_family":{"type":"string","description_kind":"plain","optional":true},"enable":{"type":"bool","description_kind":"plain","optional":true},"id":{"type":"string","description_kind":"plain","optional":true,"computed":true},"metric":{"type":"number","description_kind":"plain","optional":true},"name":{"type":"string","description_kind":"plain","required":true},"route_table":{"type":"string","description_kind":"plain","optional":true},"set_as_path_limit":{"type":"number","description_kind":"plain","optional":true},"set_communities":{"type":["list","string"],"description_kind":"plain","optional":true},"set_extended_communities":{"type":["list","string"],"description_kind":"plain","optional":true},"set_local_preference":{"type":"string","description_kind":"plain","optional":true},"set_med":{"type":"string","description_kind":"plain","optional":true},"set_origin":{"type":"string","description_kind":"plain","optional":true},"template":{"type":"string","description_kind":"plain","optional":true},"template_stack":{"type":"string","description_kind":"plain","optional":true},"virtual_router":{"type":"string","description_kind":"plain","required":true}},"description_kind":"plain"}},"panos_panorama_device_group":{"version":0,"block":{"attributes":{"description":{"type":"string","description_kind":"plain","optional":true},"id":{"type":"string","description_kind":"plain","optional":true,"computed":true},"name":{"type":"string","description_kind":"plain","required":true}},"block_types":{"device":{"nesting_mode":"set","block":{"attributes":{"serial":{"type":"string","description_kind":"plain","required":true},"vsys_list":{"type":["set","string"],"description_kind":"plain","optional":true}},"description_kind":"plain"}}},"description_kind":"plain"}},"panos_panorama_device_group_entry":{"version":0,"block":{"attributes":{"device_group":{"type":"string","description_kind":"plain","required":true},"id":{"type":"string","description_kind":"plain","optional":true,"computed":true},"serial":{"type":"string","description_kind":"plain","required":true},"vsys_list":{"type":["set","string"],"description_kind":"plain","optional":true}},"description_kind":"plain"}},"panos_panorama_edl":{"version":0,"block":{"attributes":{"certificate_profile":{"type":"string","description_kind":"plain","optional":true},"description":{"type":"string","description_kind":"plain","optional":true},"device_group":{"type":"string","description_kind":"plain","optional":true},"exceptions":{"type":["list","string"],"description_kind":"plain","optional":true},"id":{"type":"string","description_kind":"plain","optional":true,"computed":true},"name":{"type":"string","description_kind":"plain","required":true},"password":{"type":"string","description_kind":"plain","optional":true,"sensitive":true},"password_enc":{"type":"string","description_kind":"plain","computed":true,"sensitive":true},"repeat":{"type":"string","description_kind":"plain","optional":true},"repeat_at":{"type":"string","description_kind":"plain","optional":true},"repeat_day_of_month":{"type":"number","description_kind":"plain","optional":true},"repeat_day_of_week":{"type":"string","description_kind":"plain","optional":true},"source":{"type":"string","description_kind":"plain","optional":true},"type":{"type":"string","description_kind":"plain","optional":true},"username":{"type":"string","description_kind":"plain","optional":true}},"description_kind":"plain"}},"panos_panorama_email_server_profile":{"version":0,"block":{"attributes":{"auth_format":{"type":"string","description_kind":"plain","optional":true},"config_format":{"type":"string","description_kind":"plain","optional":true},"data_format":{"type":"string","description_kind":"plain","optional":true},"device_group":{"type":"string","description_kind":"plain","optional":true},"escape_character":{"type":"string","description_kind":"plain","optional":true},"escaped_characters":{"type":"string","description_kind":"plain","optional":true},"gtp_format":{"type":"string","description_kind":"plain","optional":true},"hip_match_format":{"type":"string","description_kind":"plain","optional":true},"id":{"type":"string","description_kind":"plain","optional":true,"computed":true},"iptag_format":{"type":"string","description_kind":"plain","optional":true},"name":{"type":"string","description_kind":"plain","required":true},"sctp_format":{"type":"string","description_kind":"plain","optional":true},"system_format":{"type":"string","description_kind":"plain","optional":true},"template":{"type":"string","description_kind":"plain","optional":true},"template_stack":{"type":"string","description_kind":"plain","optional":true},"threat_format":{"type":"string","description_kind":"plain","optional":true},"traffic_format":{"type":"string","description_kind":"plain","optional":true},"tunnel_format":{"type":"string","description_kind":"plain","optional":true},"url_format":{"type":"string","description_kind":"plain","optional":true},"user_id_format":{"type":"string","description_kind":"plain","optional":true},"vsys":{"type":"string","description_kind":"plain","optional":true},"wildfire_format":{"type":"string","description_kind":"plain","optional":true}},"block_types":{"email_server":{"nesting_mode":"list","block":{"attributes":{"also_to_email":{"type":"string","description_kind":"plain","optional":true},"display_name":{"type":"string","description_kind":"plain","optional":true},"email_gateway":{"type":"string","description_kind":"plain","required":true},"from_email":{"type":"string","description_kind":"plain","required":true},"name":{"type":"string","description_kind":"plain","required":true},"to_email":{"type":"string","description_kind":"plain","required":true}},"description_kind":"plain"},"min_items":1}},"description_kind":"plain"}},"panos_panorama_ethernet_interface":{"version":0,"block":{"attributes":{"adjust_tcp_mss":{"type":"bool","description_kind":"plain","optional":true},"aggregate_group":{"type":"string","description_kind":"plain","optional":true},"comment":{"type":"string","description_kind":"plain","optional":true},"create_dhcp_default_route":{"type":"bool","description_kind":"plain","optional":true},"decrypt_forward":{"type":"bool","description_kind":"plain","optional":true},"dhcp_default_route_metric":{"type":"number","description_kind":"plain","optional":true},"dhcp_send_hostname_enable":{"type":"bool","description_kind":"plain","optional":true},"dhcp_send_hostname_value":{"type":"string","description_kind":"plain","optional":true},"enable_dhcp":{"type":"bool","description_kind":"plain","optional":true},"id":{"type":"string","description_kind":"plain","optional":true,"computed":true},"ipv4_mss_adjust":{"type":"number","description_kind":"plain","optional":true},"ipv6_enabled":{"type":"bool","description_kind":"plain","optional":true},"ipv6_mss_adjust":{"type":"number","description_kind":"plain","optional":true},"lacp_ha_passive_pre_negotiation":{"type":"bool","description_kind":"plain","optional":true},"lacp_port_priority":{"type":"number","description_kind":"plain","optional":true},"link_duplex":{"type":"string","description_kind":"plain","optional":true},"link_speed":{"type":"string","description_kind":"plain","optional":true},"link_state":{"type":"string","description_kind":"plain","optional":true},"lldp_enabled":{"type":"bool","description_kind":"plain","optional":true},"lldp_ha_passive_pre_negotiation":{"type":"bool","description_kind":"plain","optional":true},"lldp_profile":{"type":"string","description_kind":"plain","optional":true},"management_profile":{"type":"string","description_kind":"plain","optional":true},"mode":{"type":"string","description":"The interface mode (layer3, layer2, virtual-wire, tap, ha, decrypt-mirror, aggregate-group)","description_kind":"plain","required":true},"mtu":{"type":"number","description_kind":"plain","optional":true},"name":{"type":"string","description_kind":"plain","required":true},"netflow_profile":{"type":"string","description_kind":"plain","optional":true},"rx_policing_rate":{"type":"number","description_kind":"plain","optional":true},"static_ips":{"type":["list","string"],"description":"List of static IP addresses","description_kind":"plain","optional":true},"template":{"type":"string","description_kind":"plain","required":true},"tx_policing_rate":{"type":"number","description_kind":"plain","optional":true},"vsys":{"type":"string","description_kind":"plain","optional":true}},"description_kind":"plain"}},"panos_panorama_gcp_account":{"version":0,"block":{"attributes":{"credential_file":{"type":"string","description_kind":"plain","required":true,"sensitive":true},"credential_file_enc":{"type":"string","description_kind":"plain","computed":true,"sensitive":true},"description":{"type":"string","description_kind":"plain","optional":true},"id":{"type":"string","description_kind":"plain","optional":true,"computed":true},"name":{"type":"string","description_kind":"plain","required":true},"project_id":{"type":"string","description_kind":"plain","required":true},"service_account_credential_type":{"type":"string","description_kind":"plain","optional":true}},"description_kind":"plain"}},"panos_panorama_gke_cluster":{"version":0,"block":{"attributes":{"cluster_credential":{"type":"string","description_kind":"plain","required":true},"gcp_zone":{"type":"string","description_kind":"plain","required":true},"gke_cluster_group":{"type":"string","description_kind":"plain","required":true},"id":{"type":"string","description_kind":"plain","optional":true,"computed":true},"name":{"type":"string","description_kind":"plain","required":true}},"description_kind":"plain"}},"panos_panorama_gke_cluster_group":{"version":0,"block":{"attributes":{"description":{"type":"string","description_kind":"plain","optional":true},"device_group":{"type":"string","description_kind":"plain","required":true},"gcp_project_credential":{"type":"string","description_kind":"plain","required":true},"id":{"type":"string","description_kind":"plain","optional":true,"computed":true},"name":{"type":"string","description_kind":"plain","required":true},"template_stack":{"type":"string","description_kind":"plain","required":true}},"description_kind":"plain"}},"panos_panorama_gre_tunnel":{"version":0,"block":{"attributes":{"copy_tos":{"type":"bool","description_kind":"plain","optional":true},"disabled":{"type":"bool","description_kind":"plain","optional":true},"enable_keep_alive":{"type":"bool","description_kind":"plain","optional":true},"id":{"type":"string","description_kind":"plain","optional":true,"computed":true},"interface":{"type":"string","description_kind":"plain","required":true},"keep_alive_hold_timer":{"type":"number","description_kind":"plain","optional":true},"keep_alive_interval":{"type":"number","description_kind":"plain","optional":true},"keep_alive_retry":{"type":"number","description_kind":"plain","optional":true},"local_address_type":{"type":"string","description_kind":"plain","optional":true},"local_address_value":{"type":"string","description_kind":"plain","required":true},"name":{"type":"string","description_kind":"plain","required":true},"peer_address":{"type":"string","description_kind":"plain","required":true},"template":{"type":"string","description_kind":"plain","required":true},"ttl":{"type":"number","description_kind":"plain","optional":true},"tunnel_interface":{"type":"string","description_kind":"plain","required":true}},"description_kind":"plain"}},"panos_panorama_http_server_profile":{"version":0,"block":{"attributes":{"device_group":{"type":"string","description_kind":"plain","optional":true},"id":{"type":"string","description_kind":"plain","optional":true,"computed":true},"name":{"type":"string","description_kind":"plain","required":true},"password_enc":{"type":["map","string"],"description_kind":"plain","computed":true,"sensitive":true},"password_raw":{"type":["map","string"],"description_kind":"plain","computed":true,"sensitive":true},"tag_registration":{"type":"bool","description_kind":"plain","optional":true},"template":{"type":"string","description_kind":"plain","optional":true},"template_stack":{"type":"string","description_kind":"plain","optional":true},"vsys":{"type":"string","description_kind":"plain","optional":true}},"block_types":{"auth_format":{"nesting_mode":"list","block":{"attributes":{"headers":{"type":["map","string"],"description_kind":"plain","optional":true},"name":{"type":"string","description_kind":"plain","optional":true},"params":{"type":["map","string"],"description_kind":"plain","optional":true},"payload":{"type":"string","description_kind":"plain","optional":true},"uri_format":{"type":"string","description_kind":"plain","optional":true}},"description_kind":"plain"},"max_items":1},"config_format":{"nesting_mode":"list","block":{"attributes":{"headers":{"type":["map","string"],"description_kind":"plain","optional":true},"name":{"type":"string","description_kind":"plain","optional":true},"params":{"type":["map","string"],"description_kind":"plain","optional":true},"payload":{"type":"string","description_kind":"plain","optional":true},"uri_format":{"type":"string","description_kind":"plain","optional":true}},"description_kind":"plain"},"max_items":1},"data_format":{"nesting_mode":"list","block":{"attributes":{"headers":{"type":["map","string"],"description_kind":"plain","optional":true},"name":{"type":"string","description_kind":"plain","optional":true},"params":{"type":["map","string"],"description_kind":"plain","optional":true},"payload":{"type":"string","description_kind":"plain","optional":true},"uri_format":{"type":"string","description_kind":"plain","optional":true}},"description_kind":"plain"},"max_items":1},"gtp_format":{"nesting_mode":"list","block":{"attributes":{"headers":{"type":["map","string"],"description_kind":"plain","optional":true},"name":{"type":"string","description_kind":"plain","optional":true},"params":{"type":["map","string"],"description_kind":"plain","optional":true},"payload":{"type":"string","description_kind":"plain","optional":true},"uri_format":{"type":"string","description_kind":"plain","optional":true}},"description_kind":"plain"},"max_items":1},"hip_match_format":{"nesting_mode":"list","block":{"attributes":{"headers":{"type":["map","string"],"description_kind":"plain","optional":true},"name":{"type":"string","description_kind":"plain","optional":true},"params":{"type":["map","string"],"description_kind":"plain","optional":true},"payload":{"type":"string","description_kind":"plain","optional":true},"uri_format":{"type":"string","description_kind":"plain","optional":true}},"description_kind":"plain"},"max_items":1},"http_server":{"nesting_mode":"list","block":{"attributes":{"address":{"type":"string","description_kind":"plain","required":true},"certificate_profile":{"type":"string","description_kind":"plain","optional":true},"http_method":{"type":"string","description_kind":"plain","optional":true},"name":{"type":"string","description_kind":"plain","required":true},"password":{"type":"string","description_kind":"plain","optional":true,"sensitive":true},"port":{"type":"number","description_kind":"plain","optional":true},"protocol":{"type":"string","description_kind":"plain","optional":true},"tls_version":{"type":"string","description_kind":"plain","optional":true},"username":{"type":"string","description_kind":"plain","optional":true}},"description_kind":"plain"},"min_items":1},"iptag_format":{"nesting_mode":"list","block":{"attributes":{"headers":{"type":["map","string"],"description_kind":"plain","optional":true},"name":{"type":"string","description_kind":"plain","optional":true},"params":{"type":["map","string"],"description_kind":"plain","optional":true},"payload":{"type":"string","description_kind":"plain","optional":true},"uri_format":{"type":"string","description_kind":"plain","optional":true}},"description_kind":"plain"},"max_items":1},"sctp_format":{"nesting_mode":"list","block":{"attributes":{"headers":{"type":["map","string"],"description_kind":"plain","optional":true},"name":{"type":"string","description_kind":"plain","optional":true},"params":{"type":["map","string"],"description_kind":"plain","optional":true},"payload":{"type":"string","description_kind":"plain","optional":true},"uri_format":{"type":"string","description_kind":"plain","optional":true}},"description_kind":"plain"},"max_items":1},"system_format":{"nesting_mode":"list","block":{"attributes":{"headers":{"type":["map","string"],"description_kind":"plain","optional":true},"name":{"type":"string","description_kind":"plain","optional":true},"params":{"type":["map","string"],"description_kind":"plain","optional":true},"payload":{"type":"string","description_kind":"plain","optional":true},"uri_format":{"type":"string","description_kind":"plain","optional":true}},"description_kind":"plain"},"max_items":1},"threat_format":{"nesting_mode":"list","block":{"attributes":{"headers":{"type":["map","string"],"description_kind":"plain","optional":true},"name":{"type":"string","description_kind":"plain","optional":true},"params":{"type":["map","string"],"description_kind":"plain","optional":true},"payload":{"type":"string","description_kind":"plain","optional":true},"uri_format":{"type":"string","description_kind":"plain","optional":true}},"description_kind":"plain"},"max_items":1},"traffic_format":{"nesting_mode":"list","block":{"attributes":{"headers":{"type":["map","string"],"description_kind":"plain","optional":true},"name":{"type":"string","description_kind":"plain","optional":true},"params":{"type":["map","string"],"description_kind":"plain","optional":true},"payload":{"type":"string","description_kind":"plain","optional":true},"uri_format":{"type":"string","description_kind":"plain","optional":true}},"description_kind":"plain"},"max_items":1},"tunnel_format":{"nesting_mode":"list","block":{"attributes":{"headers":{"type":["map","string"],"description_kind":"plain","optional":true},"name":{"type":"string","description_kind":"plain","optional":true},"params":{"type":["map","string"],"description_kind":"plain","optional":true},"payload":{"type":"string","description_kind":"plain","optional":true},"uri_format":{"type":"string","description_kind":"plain","optional":true}},"description_kind":"plain"},"max_items":1},"url_format":{"nesting_mode":"list","block":{"attributes":{"headers":{"type":["map","string"],"description_kind":"plain","optional":true},"name":{"type":"string","description_kind":"plain","optional":true},"params":{"type":["map","string"],"description_kind":"plain","optional":true},"payload":{"type":"string","description_kind":"plain","optional":true},"uri_format":{"type":"string","description_kind":"plain","optional":true}},"description_kind":"plain"},"max_items":1},"user_id_format":{"nesting_mode":"list","block":{"attributes":{"headers":{"type":["map","string"],"description_kind":"plain","optional":true},"name":{"type":"string","description_kind":"plain","optional":true},"params":{"type":["map","string"],"description_kind":"plain","optional":true},"payload":{"type":"string","description_kind":"plain","optional":true},"uri_format":{"type":"string","description_kind":"plain","optional":true}},"description_kind":"plain"},"max_items":1},"wildfire_format":{"nesting_mode":"list","block":{"attributes":{"headers":{"type":["map","string"],"description_kind":"plain","optional":true},"name":{"type":"string","description_kind":"plain","optional":true},"params":{"type":["map","string"],"description_kind":"plain","optional":true},"payload":{"type":"string","description_kind":"plain","optional":true},"uri_format":{"type":"string","description_kind":"plain","optional":true}},"description_kind":"plain"},"max_items":1}},"description_kind":"plain"}},"panos_panorama_ike_crypto_profile":{"version":0,"block":{"attributes":{"authentication_multiple":{"type":"number","description_kind":"plain","optional":true},"authentications":{"type":["list","string"],"description_kind":"plain","required":true},"dh_groups":{"type":["list","string"],"description_kind":"plain","required":true},"encryptions":{"type":["list","string"],"description_kind":"plain","required":true},"id":{"type":"string","description_kind":"plain","optional":true,"computed":true},"lifetime_type":{"type":"string","description_kind":"plain","optional":true},"lifetime_value":{"type":"number","description_kind":"plain","optional":true},"name":{"type":"string","description_kind":"plain","required":true},"template":{"type":"string","description_kind":"plain","optional":true},"template_stack":{"type":"string","description_kind":"plain","optional":true}},"description_kind":"plain"}},"panos_panorama_ike_gateway":{"version":0,"block":{"attributes":{"auth_type":{"type":"string","description_kind":"plain","optional":true},"cert_base_url":{"type":"string","description_kind":"plain","optional":true},"cert_enable_hash_and_url":{"type":"bool","description_kind":"plain","optional":true},"cert_enable_strict_validation":{"type":"bool","description_kind":"plain","optional":true},"cert_permit_payload_mismatch":{"type":"bool","description_kind":"plain","optional":true},"cert_profile":{"type":"string","description_kind":"plain","optional":true},"cert_use_management_as_source":{"type":"bool","description_kind":"plain","optional":true},"dead_peer_detection_interval":{"type":"number","description_kind":"plain","optional":true},"dead_peer_detection_retry":{"type":"number","description_kind":"plain","optional":true},"disabled":{"type":"bool","description_kind":"plain","optional":true},"enable_dead_peer_detection":{"type":"bool","description_kind":"plain","optional":true},"enable_fragmentation":{"type":"bool","description_kind":"plain","optional":true},"enable_ipv6":{"type":"bool","description_kind":"plain","optional":true},"enable_liveness_check":{"type":"bool","description_kind":"plain","optional":true},"enable_nat_traversal":{"type":"bool","description_kind":"plain","optional":true},"enable_passive_mode":{"type":"bool","description_kind":"plain","optional":true},"id":{"type":"string","description_kind":"plain","optional":true,"computed":true},"ikev1_crypto_profile":{"type":"string","description_kind":"plain","optional":true},"ikev1_exchange_mode":{"type":"string","description_kind":"plain","optional":true},"ikev2_cookie_validation":{"type":"bool","description_kind":"plain","optional":true},"ikev2_crypto_profile":{"type":"string","description_kind":"plain","optional":true},"interface":{"type":"string","description_kind":"plain","required":true},"liveness_check_interval":{"type":"number","description_kind":"plain","optional":true},"local_cert":{"type":"string","description_kind":"plain","optional":true},"local_id_type":{"type":"string","description_kind":"plain","optional":true},"local_id_value":{"type":"string","description_kind":"plain","optional":true},"local_ip_address_type":{"type":"string","description_kind":"plain","optional":true},"local_ip_address_value":{"type":"string","description_kind":"plain","optional":true},"name":{"type":"string","description_kind":"plain","required":true},"nat_traversal_enable_udp_checksum":{"type":"bool","description_kind":"plain","optional":true},"nat_traversal_keep_alive":{"type":"number","description_kind":"plain","optional":true},"peer_id_check":{"type":"string","description_kind":"plain","optional":true},"peer_id_type":{"type":"string","description_kind":"plain","optional":true},"peer_id_value":{"type":"string","description_kind":"plain","optional":true},"peer_ip_type":{"type":"string","description_kind":"plain","optional":true},"peer_ip_value":{"type":"string","description_kind":"plain","optional":true},"pre_shared_key":{"type":"string","description_kind":"plain","optional":true,"sensitive":true},"pre_shared_key_enc":{"type":"string","description_kind":"plain","computed":true,"sensitive":true},"template":{"type":"string","description_kind":"plain","optional":true},"template_stack":{"type":"string","description_kind":"plain","optional":true},"version":{"type":"string","description_kind":"plain","optional":true}},"description_kind":"plain"}},"panos_panorama_ipsec_crypto_profile":{"version":0,"block":{"attributes":{"authentications":{"type":["list","string"],"description_kind":"plain","required":true},"dh_group":{"type":"string","description_kind":"plain","optional":true},"encryptions":{"type":["list","string"],"description_kind":"plain","required":true},"id":{"type":"string","description_kind":"plain","optional":true,"computed":true},"lifesize_type":{"type":"string","description_kind":"plain","optional":true},"lifesize_value":{"type":"number","description_kind":"plain","optional":true},"lifetime_type":{"type":"string","description_kind":"plain","optional":true},"lifetime_value":{"type":"number","description_kind":"plain","optional":true},"name":{"type":"string","description_kind":"plain","required":true},"protocol":{"type":"string","description_kind":"plain","optional":true},"template":{"type":"string","description_kind":"plain","optional":true},"template_stack":{"type":"string","description_kind":"plain","optional":true}},"description_kind":"plain"}},"panos_panorama_ipsec_tunnel":{"version":0,"block":{"attributes":{"ak_ike_gateway":{"type":"string","description_kind":"plain","optional":true},"ak_ipsec_crypto_profile":{"type":"string","description_kind":"plain","optional":true},"anti_replay":{"type":"bool","description_kind":"plain","optional":true},"copy_flow_label":{"type":"bool","description_kind":"plain","optional":true},"copy_tos":{"type":"bool","description_kind":"plain","optional":true},"disabled":{"type":"bool","description_kind":"plain","optional":true},"enable_ipv6":{"type":"bool","description_kind":"plain","optional":true},"enable_tunnel_monitor":{"type":"bool","description_kind":"plain","optional":true},"gps_certificate_profile":{"type":"string","description_kind":"plain","optional":true},"gps_interface":{"type":"string","description_kind":"plain","optional":true},"gps_interface_floating_ip_ipv4":{"type":"string","description_kind":"plain","optional":true},"gps_interface_floating_ip_ipv6":{"type":"string","description_kind":"plain","optional":true},"gps_interface_ip_ipv4":{"type":"string","description_kind":"plain","optional":true},"gps_interface_ip_ipv6":{"type":"string","description_kind":"plain","optional":true},"gps_local_certificate":{"type":"string","description_kind":"plain","optional":true},"gps_portal_address":{"type":"string","description_kind":"plain","optional":true},"gps_prefer_ipv6":{"type":"bool","description_kind":"plain","optional":true},"gps_publish_connected_routes":{"type":"bool","description_kind":"plain","optional":true},"gps_publish_routes":{"type":["list","string"],"description_kind":"plain","optional":true},"id":{"type":"string","description_kind":"plain","optional":true,"computed":true},"mk_auth_key":{"type":"string","description_kind":"plain","optional":true,"sensitive":true},"mk_auth_key_enc":{"type":"string","description_kind":"plain","computed":true,"sensitive":true},"mk_auth_type":{"type":"string","description_kind":"plain","optional":true},"mk_esp_encryption_key":{"type":"string","description_kind":"plain","optional":true,"sensitive":true},"mk_esp_encryption_key_enc":{"type":"string","description_kind":"plain","computed":true,"sensitive":true},"mk_esp_encryption_type":{"type":"string","description_kind":"plain","optional":true},"mk_interface":{"type":"string","description_kind":"plain","optional":true},"mk_local_address_floating_ip":{"type":"string","description_kind":"plain","optional":true},"mk_local_address_ip":{"type":"string","description_kind":"plain","optional":true},"mk_local_spi":{"type":"string","description_kind":"plain","optional":true},"mk_protocol":{"type":"string","description_kind":"plain","optional":true},"mk_remote_address":{"type":"string","description_kind":"plain","optional":true},"mk_remote_spi":{"type":"string","description_kind":"plain","optional":true},"name":{"type":"string","description_kind":"plain","required":true},"template":{"type":"string","description_kind":"plain","required":true},"tunnel_interface":{"type":"string","description_kind":"plain","required":true},"tunnel_monitor_destination_ip":{"type":"string","description_kind":"plain","optional":true},"tunnel_monitor_profile":{"type":"string","description_kind":"plain","optional":true},"tunnel_monitor_proxy_id":{"type":"string","description_kind":"plain","optional":true},"tunnel_monitor_source_ip":{"type":"string","description_kind":"plain","optional":true},"type":{"type":"string","description_kind":"plain","optional":true}},"description_kind":"plain"}},"panos_panorama_ipsec_tunnel_proxy_id_ipv4":{"version":0,"block":{"attributes":{"id":{"type":"string","description_kind":"plain","optional":true,"computed":true},"ipsec_tunnel":{"type":"string","description_kind":"plain","required":true},"local":{"type":"string","description_kind":"plain","optional":true},"name":{"type":"string","description_kind":"plain","required":true},"protocol_any":{"type":"bool","description_kind":"plain","optional":true},"protocol_number":{"type":"number","description_kind":"plain","optional":true},"protocol_tcp_local":{"type":"number","description_kind":"plain","optional":true},"protocol_tcp_remote":{"type":"number","description_kind":"plain","optional":true},"protocol_udp_local":{"type":"number","description_kind":"plain","optional":true},"protocol_udp_remote":{"type":"number","description_kind":"plain","optional":true},"remote":{"type":"string","description_kind":"plain","optional":true},"template":{"type":"string","description_kind":"plain","required":true}},"description_kind":"plain"}},"panos_panorama_layer2_subinterface":{"version":0,"block":{"attributes":{"comment":{"type":"string","description_kind":"plain","optional":true},"id":{"type":"string","description_kind":"plain","optional":true,"computed":true},"interface_type":{"type":"string","description_kind":"plain","optional":true},"name":{"type":"string","description_kind":"plain","required":true},"netflow_profile":{"type":"string","description_kind":"plain","optional":true},"parent_interface":{"type":"string","description_kind":"plain","required":true},"parent_mode":{"type":"string","description_kind":"plain","optional":true},"tag":{"type":"number","description_kind":"plain","optional":true},"template":{"type":"string","description_kind":"plain","required":true},"vsys":{"type":"string","description_kind":"plain","optional":true}},"description_kind":"plain"}},"panos_panorama_layer3_subinterface":{"version":0,"block":{"attributes":{"adjust_tcp_mss":{"type":"bool","description_kind":"plain","optional":true},"comment":{"type":"string","description_kind":"plain","optional":true},"create_dhcp_default_route":{"type":"bool","description_kind":"plain","optional":true},"decrypt_forward":{"type":"bool","description_kind":"plain","optional":true},"dhcp_default_route_metric":{"type":"number","description_kind":"plain","optional":true},"dhcp_send_hostname_enable":{"type":"bool","description_kind":"plain","optional":true},"dhcp_send_hostname_value":{"type":"string","description_kind":"plain","optional":true},"enable_dhcp":{"type":"bool","description_kind":"plain","optional":true},"id":{"type":"string","description_kind":"plain","optional":true,"computed":true},"interface_type":{"type":"string","description_kind":"plain","optional":true},"ipv4_mss_adjust":{"type":"number","description_kind":"plain","optional":true},"ipv6_enabled":{"type":"bool","description_kind":"plain","optional":true},"ipv6_interface_id":{"type":"string","description_kind":"plain","optional":true},"ipv6_mss_adjust":{"type":"number","description_kind":"plain","optional":true},"management_profile":{"type":"string","description_kind":"plain","optional":true},"mtu":{"type":"number","description_kind":"plain","optional":true},"name":{"type":"string","description_kind":"plain","required":true},"netflow_profile":{"type":"string","description_kind":"plain","optional":true},"parent_interface":{"type":"string","description_kind":"plain","required":true},"static_ips":{"type":["list","string"],"description":"List of static IP addresses","description_kind":"plain","optional":true},"tag":{"type":"number","description_kind":"plain","optional":true},"template":{"type":"string","description_kind":"plain","required":true},"vsys":{"type":"string","description_kind":"plain","optional":true}},"description_kind":"plain"}},"panos_panorama_log_forwarding_profile":{"version":0,"block":{"attributes":{"description":{"type":"string","description_kind":"plain","optional":true},"device_group":{"type":"string","description_kind":"plain","optional":true},"enhanced_logging":{"type":"bool","description_kind":"plain","optional":true},"id":{"type":"string","description_kind":"plain","optional":true,"computed":true},"name":{"type":"string","description_kind":"plain","required":true}},"block_types":{"match_list":{"nesting_mode":"list","block":{"attributes":{"description":{"type":"string","description_kind":"plain","optional":true},"email_server_profiles":{"type":["set","string"],"description_kind":"plain","optional":true},"filter":{"type":"string","description_kind":"plain","optional":true},"http_server_profiles":{"type":["set","string"],"description_kind":"plain","optional":true},"log_type":{"type":"string","description_kind":"plain","optional":true},"name":{"type":"string","description_kind":"plain","required":true},"send_to_panorama":{"type":"bool","description_kind":"plain","optional":true},"snmptrap_server_profiles":{"type":["set","string"],"description_kind":"plain","optional":true},"syslog_server_profiles":{"type":["set","string"],"description_kind":"plain","optional":true}},"block_types":{"action":{"nesting_mode":"list","block":{"attributes":{"name":{"type":"string","description_kind":"plain","required":true}},"block_types":{"azure_integration":{"nesting_mode":"list","block":{"attributes":{"azure_integration":{"type":"bool","description_kind":"plain","optional":true}},"description_kind":"plain"},"max_items":1},"tagging_integration":{"nesting_mode":"list","block":{"attributes":{"action":{"type":"string","description_kind":"plain","optional":true},"target":{"type":"string","description_kind":"plain","optional":true},"timeout":{"type":"number","description_kind":"plain","optional":true}},"block_types":{"local_registration":{"nesting_mode":"list","block":{"attributes":{"tags":{"type":["list","string"],"description_kind":"plain","required":true}},"description_kind":"plain"},"max_items":1},"panorama_registration":{"nesting_mode":"list","block":{"attributes":{"tags":{"type":["list","string"],"description_kind":"plain","required":true}},"description_kind":"plain"},"max_items":1},"remote_registration":{"nesting_mode":"list","block":{"attributes":{"http_profile":{"type":"string","description_kind":"plain","required":true},"tags":{"type":["list","string"],"description_kind":"plain","required":true}},"description_kind":"plain"},"max_items":1}},"description_kind":"plain"},"max_items":1}},"description_kind":"plain"}}},"description_kind":"plain"}}},"description_kind":"plain"}},"panos_panorama_loopback_interface":{"version":0,"block":{"attributes":{"adjust_tcp_mss":{"type":"bool","description_kind":"plain","optional":true},"comment":{"type":"string","description_kind":"plain","optional":true},"id":{"type":"string","description_kind":"plain","optional":true,"computed":true},"ipv4_mss_adjust":{"type":"number","description_kind":"plain","optional":true},"ipv6_mss_adjust":{"type":"number","description_kind":"plain","optional":true},"management_profile":{"type":"string","description_kind":"plain","optional":true},"mtu":{"type":"number","description_kind":"plain","optional":true},"name":{"type":"string","description_kind":"plain","required":true},"netflow_profile":{"type":"string","description_kind":"plain","optional":true},"static_ips":{"type":["list","string"],"description":"List of static IP addresses","description_kind":"plain","optional":true},"template":{"type":"string","description_kind":"plain","required":true},"vsys":{"type":"string","description_kind":"plain","optional":true}},"description_kind":"plain"}},"panos_panorama_management_profile":{"version":0,"block":{"attributes":{"http":{"type":"bool","description_kind":"plain","optional":true},"http_ocsp":{"type":"bool","description_kind":"plain","optional":true},"https":{"type":"bool","description_kind":"plain","optional":true},"id":{"type":"string","description_kind":"plain","optional":true,"computed":true},"name":{"type":"string","description_kind":"plain","required":true},"permitted_ips":{"type":["list","string"],"description_kind":"plain","optional":true},"ping":{"type":"bool","description_kind":"plain","optional":true},"response_pages":{"type":"bool","description_kind":"plain","optional":true},"snmp":{"type":"bool","description_kind":"plain","optional":true},"ssh":{"type":"bool","description_kind":"plain","optional":true},"telnet":{"type":"bool","description_kind":"plain","optional":true},"template":{"type":"string","description_kind":"plain","optional":true},"template_stack":{"type":"string","description_kind":"plain","optional":true},"userid_service":{"type":"bool","description_kind":"plain","optional":true},"userid_syslog_listener_ssl":{"type":"bool","description_kind":"plain","optional":true},"userid_syslog_listener_udp":{"type":"bool","description_kind":"plain","optional":true}},"description_kind":"plain"}},"panos_panorama_monitor_profile":{"version":0,"block":{"attributes":{"action":{"type":"string","description_kind":"plain","optional":true},"id":{"type":"string","description_kind":"plain","optional":true,"computed":true},"interval":{"type":"number","description_kind":"plain","optional":true},"name":{"type":"string","description_kind":"plain","required":true},"template":{"type":"string","description_kind":"plain","optional":true},"template_stack":{"type":"string","description_kind":"plain","optional":true},"threshold":{"type":"number","description_kind":"plain","optional":true}},"description_kind":"plain"}},"panos_panorama_nat_policy":{"version":0,"block":{"attributes":{"dat_address":{"type":"string","description_kind":"plain","optional":true},"dat_dynamic_distribution":{"type":"string","description_kind":"plain","optional":true},"dat_port":{"type":"number","description_kind":"plain","optional":true},"dat_type":{"type":"string","description_kind":"plain","optional":true},"description":{"type":"string","description_kind":"plain","optional":true},"destination_addresses":{"type":["list","string"],"description_kind":"plain","required":true},"destination_zone":{"type":"string","description_kind":"plain","required":true},"device_group":{"type":"string","description_kind":"plain","optional":true},"disabled":{"type":"bool","description_kind":"plain","optional":true},"id":{"type":"string","description_kind":"plain","optional":true,"computed":true},"name":{"type":"string","description_kind":"plain","required":true},"negate_target":{"type":"bool","description_kind":"plain","optional":true},"rulebase":{"type":"string","description_kind":"plain","optional":true},"sat_address_type":{"type":"string","description":"interface-address or translated-address","description_kind":"plain","optional":true},"sat_fallback_interface":{"type":"string","description_kind":"plain","optional":true},"sat_fallback_ip_address":{"type":"string","description_kind":"plain","optional":true},"sat_fallback_ip_type":{"type":"string","description_kind":"plain","optional":true},"sat_fallback_translated_addresses":{"type":["list","string"],"description_kind":"plain","optional":true},"sat_fallback_type":{"type":"string","description_kind":"plain","optional":true},"sat_interface":{"type":"string","description_kind":"plain","optional":true},"sat_ip_address":{"type":"string","description_kind":"plain","optional":true},"sat_static_bi_directional":{"type":"bool","description_kind":"plain","optional":true},"sat_static_translated_address":{"type":"string","description_kind":"plain","optional":true},"sat_translated_addresses":{"type":["list","string"],"description_kind":"plain","optional":true},"sat_type":{"type":"string","description":"none (default), dynamic-ip-and-port, dynamic-ip, or static-ip","description_kind":"plain","optional":true},"service":{"type":"string","description_kind":"plain","optional":true},"source_addresses":{"type":["list","string"],"description_kind":"plain","required":true},"source_zones":{"type":["list","string"],"description_kind":"plain","required":true},"tags":{"type":["list","string"],"description_kind":"plain","optional":true},"to_interface":{"type":"string","description_kind":"plain","optional":true},"type":{"type":"string","description":"NAT type (ipv4 default, nat64, or nptv6)","description_kind":"plain","optional":true}},"block_types":{"target":{"nesting_mode":"set","block":{"attributes":{"serial":{"type":"string","description_kind":"plain","required":true},"vsys_list":{"type":["set","string"],"description_kind":"plain","optional":true}},"description_kind":"plain"}}},"description_kind":"plain"}},"panos_panorama_nat_rule":{"version":0,"block":{"attributes":{"dat_address":{"type":"string","description_kind":"plain","optional":true},"dat_dynamic_distribution":{"type":"string","description_kind":"plain","optional":true},"dat_port":{"type":"number","description_kind":"plain","optional":true},"dat_type":{"type":"string","description_kind":"plain","optional":true},"description":{"type":"string","description_kind":"plain","optional":true},"destination_addresses":{"type":["list","string"],"description_kind":"plain","required":true},"destination_zone":{"type":"string","description_kind":"plain","required":true},"device_group":{"type":"string","description_kind":"plain","optional":true},"disabled":{"type":"bool","description_kind":"plain","optional":true},"id":{"type":"string","description_kind":"plain","optional":true,"computed":true},"name":{"type":"string","description_kind":"plain","required":true},"negate_target":{"type":"bool","description_kind":"plain","optional":true},"rulebase":{"type":"string","description_kind":"plain","optional":true},"sat_address_type":{"type":"string","description":"interface-address or translated-address","description_kind":"plain","optional":true},"sat_fallback_interface":{"type":"string","description_kind":"plain","optional":true},"sat_fallback_ip_address":{"type":"string","description_kind":"plain","optional":true},"sat_fallback_ip_type":{"type":"string","description_kind":"plain","optional":true},"sat_fallback_translated_addresses":{"type":["list","string"],"description_kind":"plain","optional":true},"sat_fallback_type":{"type":"string","description_kind":"plain","optional":true},"sat_interface":{"type":"string","description_kind":"plain","optional":true},"sat_ip_address":{"type":"string","description_kind":"plain","optional":true},"sat_static_bi_directional":{"type":"bool","description_kind":"plain","optional":true},"sat_static_translated_address":{"type":"string","description_kind":"plain","optional":true},"sat_translated_addresses":{"type":["list","string"],"description_kind":"plain","optional":true},"sat_type":{"type":"string","description":"none (default), dynamic-ip-and-port, dynamic-ip, or static-ip","description_kind":"plain","optional":true},"service":{"type":"string","description_kind":"plain","optional":true},"source_addresses":{"type":["list","string"],"description_kind":"plain","required":true},"source_zones":{"type":["list","string"],"description_kind":"plain","required":true},"tags":{"type":["list","string"],"description_kind":"plain","optional":true},"to_interface":{"type":"string","description_kind":"plain","optional":true},"type":{"type":"string","description":"NAT type (ipv4 default, nat64, or nptv6)","description_kind":"plain","optional":true}},"block_types":{"target":{"nesting_mode":"set","block":{"attributes":{"serial":{"type":"string","description_kind":"plain","required":true},"vsys_list":{"type":["set","string"],"description_kind":"plain","optional":true}},"description_kind":"plain"}}},"description_kind":"plain"}},"panos_panorama_nat_rule_group":{"version":0,"block":{"attributes":{"device_group":{"type":"string","description_kind":"plain","optional":true},"id":{"type":"string","description_kind":"plain","optional":true,"computed":true},"position_keyword":{"type":"string","description":"The position keyword for this group of rules","description_kind":"plain","optional":true},"position_reference":{"type":"string","description":"The position reference for this group of rules","description_kind":"plain","optional":true},"rulebase":{"type":"string","description_kind":"plain","optional":true}},"block_types":{"rule":{"nesting_mode":"list","block":{"attributes":{"description":{"type":"string","description_kind":"plain","optional":true},"disabled":{"type":"bool","description_kind":"plain","optional":true},"name":{"type":"string","description_kind":"plain","required":true},"negate_target":{"type":"bool","description_kind":"plain","optional":true},"tags":{"type":["list","string"],"description_kind":"plain","optional":true},"type":{"type":"string","description_kind":"plain","optional":true}},"block_types":{"original_packet":{"nesting_mode":"list","block":{"attributes":{"destination_addresses":{"type":["set","string"],"description_kind":"plain","required":true},"destination_interface":{"type":"string","description_kind":"plain","optional":true},"destination_zone":{"type":"string","description_kind":"plain","required":true},"service":{"type":"string","description_kind":"plain","optional":true},"source_addresses":{"type":["set","string"],"description_kind":"plain","required":true},"source_zones":{"type":["set","string"],"description_kind":"plain","required":true}},"description_kind":"plain"},"min_items":1,"max_items":1},"target":{"nesting_mode":"set","block":{"attributes":{"serial":{"type":"string","description_kind":"plain","required":true},"vsys_list":{"type":["set","string"],"description_kind":"plain","optional":true}},"description_kind":"plain"}},"translated_packet":{"nesting_mode":"list","block":{"block_types":{"destination":{"nesting_mode":"list","block":{"block_types":{"dynamic":{"nesting_mode":"list","block":{"attributes":{"address":{"type":"string","description_kind":"plain","required":true},"distribution":{"type":"string","description_kind":"plain","optional":true},"port":{"type":"number","description_kind":"plain","optional":true}},"description_kind":"plain"},"max_items":1},"dynamic_translation":{"nesting_mode":"list","block":{"attributes":{"address":{"type":"string","description_kind":"plain","required":true},"distribution":{"type":"string","description_kind":"plain","optional":true},"port":{"type":"number","description_kind":"plain","optional":true}},"description_kind":"plain"},"max_items":1},"static":{"nesting_mode":"list","block":{"attributes":{"address":{"type":"string","description_kind":"plain","required":true},"port":{"type":"number","description_kind":"plain","optional":true}},"description_kind":"plain"},"max_items":1},"static_translation":{"nesting_mode":"list","block":{"attributes":{"address":{"type":"string","description_kind":"plain","required":true},"port":{"type":"number","description_kind":"plain","optional":true}},"description_kind":"plain"},"max_items":1}},"description_kind":"plain"},"min_items":1,"max_items":1},"source":{"nesting_mode":"list","block":{"block_types":{"dynamic_ip":{"nesting_mode":"list","block":{"attributes":{"translated_addresses":{"type":["set","string"],"description_kind":"plain","required":true}},"block_types":{"fallback":{"nesting_mode":"list","block":{"block_types":{"interface_address":{"nesting_mode":"list","block":{"attributes":{"interface":{"type":"string","description_kind":"plain","required":true},"ip_address":{"type":"string","description_kind":"plain","optional":true},"type":{"type":"string","description_kind":"plain","optional":true}},"description_kind":"plain"},"max_items":1},"translated_address":{"nesting_mode":"list","block":{"attributes":{"translated_addresses":{"type":["set","string"],"description_kind":"plain","optional":true}},"description_kind":"plain"},"max_items":1}},"description_kind":"plain"},"max_items":1}},"description_kind":"plain"},"max_items":1},"dynamic_ip_and_port":{"nesting_mode":"list","block":{"block_types":{"interface_address":{"nesting_mode":"list","block":{"attributes":{"interface":{"type":"string","description_kind":"plain","required":true},"ip_address":{"type":"string","description_kind":"plain","optional":true}},"description_kind":"plain"},"max_items":1},"translated_address":{"nesting_mode":"list","block":{"attributes":{"translated_addresses":{"type":["set","string"],"description_kind":"plain","optional":true}},"description_kind":"plain"},"max_items":1}},"description_kind":"plain"},"max_items":1},"static_ip":{"nesting_mode":"list","block":{"attributes":{"bi_directional":{"type":"bool","description_kind":"plain","optional":true},"translated_address":{"type":"string","description_kind":"plain","required":true}},"description_kind":"plain"},"max_items":1}},"description_kind":"plain"},"min_items":1,"max_items":1}},"description_kind":"plain"},"min_items":1,"max_items":1}},"description_kind":"plain"},"min_items":1}},"description_kind":"plain"}},"panos_panorama_pbf_rule_group":{"version":0,"block":{"attributes":{"device_group":{"type":"string","description_kind":"plain","optional":true},"id":{"type":"string","description_kind":"plain","optional":true,"computed":true},"position_keyword":{"type":"string","description":"The position keyword for this group of rules","description_kind":"plain","optional":true},"position_reference":{"type":"string","description":"The position reference for this group of rules","description_kind":"plain","optional":true},"rulebase":{"type":"string","description_kind":"plain","optional":true}},"block_types":{"rule":{"nesting_mode":"list","block":{"attributes":{"active_active_device_binding":{"type":"string","description_kind":"plain","optional":true},"description":{"type":"string","description_kind":"plain","optional":true},"disabled":{"type":"bool","description_kind":"plain","optional":true},"name":{"type":"string","description_kind":"plain","required":true},"negate_target":{"type":"bool","description_kind":"plain","optional":true},"schedule":{"type":"string","description_kind":"plain","optional":true},"tags":{"type":["list","string"],"description_kind":"plain","optional":true},"uuid":{"type":"string","description_kind":"plain","optional":true,"computed":true}},"block_types":{"destination":{"nesting_mode":"list","block":{"attributes":{"addresses":{"type":["set","string"],"description_kind":"plain","required":true},"applications":{"type":["set","string"],"description_kind":"plain","required":true},"negate":{"type":"bool","description_kind":"plain","optional":true},"services":{"type":["set","string"],"description_kind":"plain","required":true}},"description_kind":"plain"},"min_items":1,"max_items":1},"forwarding":{"nesting_mode":"list","block":{"attributes":{"action":{"type":"string","description_kind":"plain","optional":true},"egress_interface":{"type":"string","description_kind":"plain","optional":true},"next_hop_type":{"type":"string","description_kind":"plain","optional":true},"next_hop_value":{"type":"string","description_kind":"plain","optional":true},"vsys":{"type":"string","description_kind":"plain","optional":true}},"block_types":{"monitor":{"nesting_mode":"list","block":{"attributes":{"disable_if_unreachable":{"type":"bool","description_kind":"plain","optional":true},"ip_address":{"type":"string","description_kind":"plain","optional":true},"profile":{"type":"string","description_kind":"plain","optional":true}},"description_kind":"plain"},"max_items":1},"symmetric_return":{"nesting_mode":"list","block":{"attributes":{"addresses":{"type":["list","string"],"description_kind":"plain","optional":true},"enable":{"type":"bool","description_kind":"plain","optional":true}},"description_kind":"plain"},"max_items":1}},"description_kind":"plain"},"min_items":1,"max_items":1},"source":{"nesting_mode":"list","block":{"attributes":{"addresses":{"type":["set","string"],"description_kind":"plain","required":true},"interfaces":{"type":["set","string"],"description_kind":"plain","optional":true},"negate":{"type":"bool","description_kind":"plain","optional":true},"users":{"type":["set","string"],"description_kind":"plain","required":true},"zones":{"type":["set","string"],"description_kind":"plain","optional":true}},"description_kind":"plain"},"min_items":1,"max_items":1},"target":{"nesting_mode":"set","block":{"attributes":{"serial":{"type":"string","description_kind":"plain","required":true},"vsys_list":{"type":["set","string"],"description_kind":"plain","optional":true}},"description_kind":"plain"}}},"description_kind":"plain"},"min_items":1}},"description_kind":"plain"}},"panos_panorama_redistribution_profile_ipv4":{"version":0,"block":{"attributes":{"action":{"type":"string","description_kind":"plain","optional":true},"bgp_communities":{"type":["list","string"],"description_kind":"plain","optional":true},"bgp_extended_communities":{"type":["list","string"],"description_kind":"plain","optional":true},"destinations":{"type":["list","string"],"description_kind":"plain","optional":true},"id":{"type":"string","description_kind":"plain","optional":true,"computed":true},"interfaces":{"type":["list","string"],"description_kind":"plain","optional":true},"name":{"type":"string","description_kind":"plain","required":true},"next_hops":{"type":["list","string"],"description_kind":"plain","optional":true},"ospf_areas":{"type":["list","string"],"description_kind":"plain","optional":true},"ospf_path_types":{"type":["list","string"],"description_kind":"plain","optional":true},"ospf_tags":{"type":["list","string"],"description_kind":"plain","optional":true},"priority":{"type":"number","description_kind":"plain","required":true},"template":{"type":"string","description_kind":"plain","optional":true},"template_stack":{"type":"string","description_kind":"plain","optional":true},"types":{"type":["list","string"],"description_kind":"plain","optional":true},"virtual_router":{"type":"string","description_kind":"plain","required":true}},"description_kind":"plain"}},"panos_panorama_security_policies":{"version":0,"block":{"attributes":{"device_group":{"type":"string","description_kind":"plain","optional":true},"id":{"type":"string","description_kind":"plain","optional":true,"computed":true},"rulebase":{"type":"string","description_kind":"plain","optional":true}},"block_types":{"rule":{"nesting_mode":"list","block":{"attributes":{"action":{"type":"string","description":"Action (default: allow, deny, drop, reset-client, reset-server, reset-both)","description_kind":"plain","optional":true},"applications":{"type":["list","string"],"description_kind":"plain","required":true},"categories":{"type":["list","string"],"description_kind":"plain","required":true},"data_filtering":{"type":"string","description_kind":"plain","optional":true},"description":{"type":"string","description_kind":"plain","optional":true},"destination_addresses":{"type":["list","string"],"description_kind":"plain","required":true},"destination_zones":{"type":["list","string"],"description_kind":"plain","required":true},"disable_server_response_inspection":{"type":"bool","description_kind":"plain","optional":true},"disabled":{"type":"bool","description_kind":"plain","optional":true},"file_blocking":{"type":"string","description_kind":"plain","optional":true},"group":{"type":"string","description_kind":"plain","optional":true},"hip_profiles":{"type":["list","string"],"description_kind":"plain","required":true},"icmp_unreachable":{"type":"bool","description_kind":"plain","optional":true},"log_end":{"type":"bool","description_kind":"plain","optional":true},"log_setting":{"type":"string","description":"Log forwarding profile","description_kind":"plain","optional":true},"log_start":{"type":"bool","description_kind":"plain","optional":true},"name":{"type":"string","description_kind":"plain","required":true},"negate_destination":{"type":"bool","description_kind":"plain","optional":true},"negate_source":{"type":"bool","description_kind":"plain","optional":true},"negate_target":{"type":"bool","description_kind":"plain","optional":true},"schedule":{"type":"string","description_kind":"plain","optional":true},"services":{"type":["list","string"],"description_kind":"plain","required":true},"source_addresses":{"type":["list","string"],"description_kind":"plain","required":true},"source_users":{"type":["list","string"],"description_kind":"plain","required":true},"source_zones":{"type":["list","string"],"description_kind":"plain","required":true},"spyware":{"type":"string","description_kind":"plain","optional":true},"tags":{"type":["set","string"],"description_kind":"plain","optional":true},"type":{"type":"string","description":"Security rule type (default: universal, interzone, intrazone)","description_kind":"plain","optional":true},"url_filtering":{"type":"string","description_kind":"plain","optional":true},"virus":{"type":"string","description_kind":"plain","optional":true},"vulnerability":{"type":"string","description_kind":"plain","optional":true},"wildfire_analysis":{"type":"string","description_kind":"plain","optional":true}},"block_types":{"target":{"nesting_mode":"set","block":{"attributes":{"serial":{"type":"string","description_kind":"plain","required":true},"vsys_list":{"type":["set","string"],"description_kind":"plain","optional":true}},"description_kind":"plain"}}},"description_kind":"plain"},"min_items":1}},"description_kind":"plain"}},"panos_panorama_security_policy":{"version":0,"block":{"attributes":{"device_group":{"type":"string","description_kind":"plain","optional":true},"id":{"type":"string","description_kind":"plain","optional":true,"computed":true},"rulebase":{"type":"string","description_kind":"plain","optional":true}},"block_types":{"rule":{"nesting_mode":"list","block":{"attributes":{"action":{"type":"string","description":"Action (default: allow, deny, drop, reset-client, reset-server, reset-both)","description_kind":"plain","optional":true},"applications":{"type":["list","string"],"description_kind":"plain","required":true},"categories":{"type":["list","string"],"description_kind":"plain","required":true},"data_filtering":{"type":"string","description_kind":"plain","optional":true},"description":{"type":"string","description_kind":"plain","optional":true},"destination_addresses":{"type":["list","string"],"description_kind":"plain","required":true},"destination_zones":{"type":["list","string"],"description_kind":"plain","required":true},"disable_server_response_inspection":{"type":"bool","description_kind":"plain","optional":true},"disabled":{"type":"bool","description_kind":"plain","optional":true},"file_blocking":{"type":"string","description_kind":"plain","optional":true},"group":{"type":"string","description_kind":"plain","optional":true},"hip_profiles":{"type":["list","string"],"description_kind":"plain","required":true},"icmp_unreachable":{"type":"bool","description_kind":"plain","optional":true},"log_end":{"type":"bool","description_kind":"plain","optional":true},"log_setting":{"type":"string","description":"Log forwarding profile","description_kind":"plain","optional":true},"log_start":{"type":"bool","description_kind":"plain","optional":true},"name":{"type":"string","description_kind":"plain","required":true},"negate_destination":{"type":"bool","description_kind":"plain","optional":true},"negate_source":{"type":"bool","description_kind":"plain","optional":true},"negate_target":{"type":"bool","description_kind":"plain","optional":true},"schedule":{"type":"string","description_kind":"plain","optional":true},"services":{"type":["list","string"],"description_kind":"plain","required":true},"source_addresses":{"type":["list","string"],"description_kind":"plain","required":true},"source_users":{"type":["list","string"],"description_kind":"plain","required":true},"source_zones":{"type":["list","string"],"description_kind":"plain","required":true},"spyware":{"type":"string","description_kind":"plain","optional":true},"tags":{"type":["set","string"],"description_kind":"plain","optional":true},"type":{"type":"string","description":"Security rule type (default: universal, interzone, intrazone)","description_kind":"plain","optional":true},"url_filtering":{"type":"string","description_kind":"plain","optional":true},"virus":{"type":"string","description_kind":"plain","optional":true},"vulnerability":{"type":"string","description_kind":"plain","optional":true},"wildfire_analysis":{"type":"string","description_kind":"plain","optional":true}},"block_types":{"target":{"nesting_mode":"set","block":{"attributes":{"serial":{"type":"string","description_kind":"plain","required":true},"vsys_list":{"type":["set","string"],"description_kind":"plain","optional":true}},"description_kind":"plain"}}},"description_kind":"plain"},"min_items":1}},"description_kind":"plain"}},"panos_panorama_security_policy_group":{"version":0,"block":{"attributes":{"device_group":{"type":"string","description_kind":"plain","optional":true},"id":{"type":"string","description_kind":"plain","optional":true,"computed":true},"position_keyword":{"type":"string","description_kind":"plain","optional":true},"position_reference":{"type":"string","description_kind":"plain","optional":true},"rulebase":{"type":"string","description_kind":"plain","optional":true}},"block_types":{"rule":{"nesting_mode":"list","block":{"attributes":{"action":{"type":"string","description_kind":"plain","optional":true},"applications":{"type":["list","string"],"description_kind":"plain","required":true},"categories":{"type":["list","string"],"description_kind":"plain","required":true},"data_filtering":{"type":"string","description_kind":"plain","optional":true},"description":{"type":"string","description_kind":"plain","optional":true},"destination_addresses":{"type":["list","string"],"description_kind":"plain","required":true},"destination_zones":{"type":["list","string"],"description_kind":"plain","required":true},"disable_server_response_inspection":{"type":"bool","description_kind":"plain","optional":true},"disabled":{"type":"bool","description_kind":"plain","optional":true},"file_blocking":{"type":"string","description_kind":"plain","optional":true},"group":{"type":"string","description_kind":"plain","optional":true},"hip_profiles":{"type":["list","string"],"description_kind":"plain","required":true},"icmp_unreachable":{"type":"bool","description_kind":"plain","optional":true},"log_end":{"type":"bool","description_kind":"plain","optional":true},"log_setting":{"type":"string","description_kind":"plain","optional":true},"log_start":{"type":"bool","description_kind":"plain","optional":true},"name":{"type":"string","description_kind":"plain","required":true},"negate_destination":{"type":"bool","description_kind":"plain","optional":true},"negate_source":{"type":"bool","description_kind":"plain","optional":true},"negate_target":{"type":"bool","description_kind":"plain","optional":true},"schedule":{"type":"string","description_kind":"plain","optional":true},"services":{"type":["list","string"],"description_kind":"plain","required":true},"source_addresses":{"type":["list","string"],"description_kind":"plain","required":true},"source_users":{"type":["list","string"],"description_kind":"plain","required":true},"source_zones":{"type":["list","string"],"description_kind":"plain","required":true},"spyware":{"type":"string","description_kind":"plain","optional":true},"tags":{"type":["set","string"],"description_kind":"plain","optional":true},"type":{"type":"string","description_kind":"plain","optional":true},"url_filtering":{"type":"string","description_kind":"plain","optional":true},"virus":{"type":"string","description_kind":"plain","optional":true},"vulnerability":{"type":"string","description_kind":"plain","optional":true},"wildfire_analysis":{"type":"string","description_kind":"plain","optional":true}},"block_types":{"target":{"nesting_mode":"set","block":{"attributes":{"serial":{"type":"string","description_kind":"plain","required":true},"vsys_list":{"type":["set","string"],"description_kind":"plain","optional":true}},"description_kind":"plain"}}},"description_kind":"plain"},"min_items":1}},"description_kind":"plain"}},"panos_panorama_security_rule_group":{"version":0,"block":{"attributes":{"device_group":{"type":"string","description_kind":"plain","optional":true},"id":{"type":"string","description_kind":"plain","optional":true,"computed":true},"position_keyword":{"type":"string","description_kind":"plain","optional":true},"position_reference":{"type":"string","description_kind":"plain","optional":true},"rulebase":{"type":"string","description_kind":"plain","optional":true}},"block_types":{"rule":{"nesting_mode":"list","block":{"attributes":{"action":{"type":"string","description_kind":"plain","optional":true},"applications":{"type":["list","string"],"description_kind":"plain","required":true},"categories":{"type":["list","string"],"description_kind":"plain","required":true},"data_filtering":{"type":"string","description_kind":"plain","optional":true},"description":{"type":"string","description_kind":"plain","optional":true},"destination_addresses":{"type":["list","string"],"description_kind":"plain","required":true},"destination_zones":{"type":["list","string"],"description_kind":"plain","required":true},"disable_server_response_inspection":{"type":"bool","description_kind":"plain","optional":true},"disabled":{"type":"bool","description_kind":"plain","optional":true},"file_blocking":{"type":"string","description_kind":"plain","optional":true},"group":{"type":"string","description_kind":"plain","optional":true},"hip_profiles":{"type":["list","string"],"description_kind":"plain","required":true},"icmp_unreachable":{"type":"bool","description_kind":"plain","optional":true},"log_end":{"type":"bool","description_kind":"plain","optional":true},"log_setting":{"type":"string","description_kind":"plain","optional":true},"log_start":{"type":"bool","description_kind":"plain","optional":true},"name":{"type":"string","description_kind":"plain","required":true},"negate_destination":{"type":"bool","description_kind":"plain","optional":true},"negate_source":{"type":"bool","description_kind":"plain","optional":true},"negate_target":{"type":"bool","description_kind":"plain","optional":true},"schedule":{"type":"string","description_kind":"plain","optional":true},"services":{"type":["list","string"],"description_kind":"plain","required":true},"source_addresses":{"type":["list","string"],"description_kind":"plain","required":true},"source_users":{"type":["list","string"],"description_kind":"plain","required":true},"source_zones":{"type":["list","string"],"description_kind":"plain","required":true},"spyware":{"type":"string","description_kind":"plain","optional":true},"tags":{"type":["set","string"],"description_kind":"plain","optional":true},"type":{"type":"string","description_kind":"plain","optional":true},"url_filtering":{"type":"string","description_kind":"plain","optional":true},"virus":{"type":"string","description_kind":"plain","optional":true},"vulnerability":{"type":"string","description_kind":"plain","optional":true},"wildfire_analysis":{"type":"string","description_kind":"plain","optional":true}},"block_types":{"target":{"nesting_mode":"set","block":{"attributes":{"serial":{"type":"string","description_kind":"plain","required":true},"vsys_list":{"type":["set","string"],"description_kind":"plain","optional":true}},"description_kind":"plain"}}},"description_kind":"plain"},"min_items":1}},"description_kind":"plain"}},"panos_panorama_service_group":{"version":0,"block":{"attributes":{"device_group":{"type":"string","description":"The device group to put this service group in","description_kind":"plain","optional":true},"id":{"type":"string","description_kind":"plain","optional":true,"computed":true},"name":{"type":"string","description":"The service group's name","description_kind":"plain","required":true},"services":{"type":["list","string"],"description_kind":"plain","required":true},"tags":{"type":["set","string"],"description":"Administrative tags for the service group","description_kind":"plain","optional":true}},"description_kind":"plain"}},"panos_panorama_service_object":{"version":0,"block":{"attributes":{"description":{"type":"string","description":"Object's description","description_kind":"plain","optional":true},"destination_port":{"type":"string","description":"The destination port definition","description_kind":"plain","required":true},"device_group":{"type":"string","description_kind":"plain","optional":true},"id":{"type":"string","description_kind":"plain","optional":true,"computed":true},"name":{"type":"string","description":"The service object's name","description_kind":"plain","required":true},"override_half_closed_timeout":{"type":"number","description_kind":"plain","optional":true},"override_session_timeout":{"type":"bool","description_kind":"plain","optional":true},"override_time_wait_timeout":{"type":"number","description_kind":"plain","optional":true},"override_timeout":{"type":"number","description_kind":"plain","optional":true},"protocol":{"type":"string","description_kind":"plain","required":true},"source_port":{"type":"string","description":"The source port definition","description_kind":"plain","optional":true},"tags":{"type":["list","string"],"description_kind":"plain","optional":true}},"description_kind":"plain"}},"panos_panorama_snmptrap_server_profile":{"version":0,"block":{"attributes":{"auth_password_enc":{"type":["map","string"],"description_kind":"plain","computed":true,"sensitive":true},"auth_password_raw":{"type":["map","string"],"description_kind":"plain","computed":true,"sensitive":true},"device_group":{"type":"string","description_kind":"plain","optional":true},"id":{"type":"string","description_kind":"plain","optional":true,"computed":true},"name":{"type":"string","description_kind":"plain","required":true},"priv_password_enc":{"type":["map","string"],"description_kind":"plain","computed":true,"sensitive":true},"priv_password_raw":{"type":["map","string"],"description_kind":"plain","computed":true,"sensitive":true},"template":{"type":"string","description_kind":"plain","optional":true},"template_stack":{"type":"string","description_kind":"plain","optional":true},"vsys":{"type":"string","description_kind":"plain","optional":true}},"block_types":{"v2c_server":{"nesting_mode":"list","block":{"attributes":{"community":{"type":"string","description_kind":"plain","required":true},"manager":{"type":"string","description_kind":"plain","required":true},"name":{"type":"string","description_kind":"plain","required":true}},"description_kind":"plain"}},"v3_server":{"nesting_mode":"list","block":{"attributes":{"auth_password":{"type":"string","description_kind":"plain","required":true,"sensitive":true},"engine_id":{"type":"string","description_kind":"plain","optional":true},"manager":{"type":"string","description_kind":"plain","required":true},"name":{"type":"string","description_kind":"plain","required":true},"priv_password":{"type":"string","description_kind":"plain","required":true,"sensitive":true},"user":{"type":"string","description_kind":"plain","required":true}},"description_kind":"plain"}}},"description_kind":"plain"}},"panos_panorama_static_route_ipv4":{"version":0,"block":{"attributes":{"admin_distance":{"type":"number","description_kind":"plain","optional":true},"bfd_profile":{"type":"string","description_kind":"plain","optional":true},"destination":{"type":"string","description_kind":"plain","required":true},"id":{"type":"string","description_kind":"plain","optional":true,"computed":true},"interface":{"type":"string","description_kind":"plain","optional":true},"metric":{"type":"number","description_kind":"plain","optional":true},"name":{"type":"string","description_kind":"plain","required":true},"next_hop":{"type":"string","description_kind":"plain","optional":true},"route_table":{"type":"string","description_kind":"plain","optional":true},"template":{"type":"string","description_kind":"plain","optional":true},"template_stack":{"type":"string","description_kind":"plain","optional":true},"type":{"type":"string","description_kind":"plain","optional":true},"virtual_router":{"type":"string","description_kind":"plain","required":true}},"description_kind":"plain"}},"panos_panorama_syslog_server_profile":{"version":0,"block":{"attributes":{"auth_format":{"type":"string","description_kind":"plain","optional":true},"config_format":{"type":"string","description_kind":"plain","optional":true},"data_format":{"type":"string","description_kind":"plain","optional":true},"device_group":{"type":"string","description_kind":"plain","optional":true},"escape_character":{"type":"string","description_kind":"plain","optional":true},"escaped_characters":{"type":"string","description_kind":"plain","optional":true},"gtp_format":{"type":"string","description_kind":"plain","optional":true},"hip_match_format":{"type":"string","description_kind":"plain","optional":true},"id":{"type":"string","description_kind":"plain","optional":true,"computed":true},"iptag_format":{"type":"string","description_kind":"plain","optional":true},"name":{"type":"string","description_kind":"plain","required":true},"sctp_format":{"type":"string","description_kind":"plain","optional":true},"system_format":{"type":"string","description_kind":"plain","optional":true},"template":{"type":"string","description_kind":"plain","optional":true},"template_stack":{"type":"string","description_kind":"plain","optional":true},"threat_format":{"type":"string","description_kind":"plain","optional":true},"traffic_format":{"type":"string","description_kind":"plain","optional":true},"tunnel_format":{"type":"string","description_kind":"plain","optional":true},"url_format":{"type":"string","description_kind":"plain","optional":true},"user_id_format":{"type":"string","description_kind":"plain","optional":true},"vsys":{"type":"string","description_kind":"plain","optional":true},"wildfire_format":{"type":"string","description_kind":"plain","optional":true}},"block_types":{"syslog_server":{"nesting_mode":"list","block":{"attributes":{"facility":{"type":"string","description_kind":"plain","optional":true},"name":{"type":"string","description_kind":"plain","required":true},"port":{"type":"number","description_kind":"plain","optional":true},"server":{"type":"string","description_kind":"plain","required":true},"syslog_format":{"type":"string","description_kind":"plain","optional":true},"transport":{"type":"string","description_kind":"plain","optional":true}},"description_kind":"plain"},"min_items":1}},"description_kind":"plain"}},"panos_panorama_template":{"version":1,"block":{"attributes":{"default_vsys":{"type":"string","description_kind":"plain","computed":true},"description":{"type":"string","description_kind":"plain","optional":true},"id":{"type":"string","description_kind":"plain","optional":true,"computed":true},"name":{"type":"string","description_kind":"plain","required":true}},"block_types":{"devices":{"nesting_mode":"set","block":{"attributes":{"serial":{"type":"string","description_kind":"plain","required":true},"vsys_list":{"type":["set","string"],"description_kind":"plain","optional":true}},"description_kind":"plain"}}},"description_kind":"plain"}},"panos_panorama_template_entry":{"version":0,"block":{"attributes":{"id":{"type":"string","description_kind":"plain","optional":true,"computed":true},"serial":{"type":"string","description_kind":"plain","required":true},"template":{"type":"string","description_kind":"plain","required":true},"vsys_list":{"type":["set","string"],"description_kind":"plain","optional":true}},"description_kind":"plain"}},"panos_panorama_template_stack":{"version":0,"block":{"attributes":{"default_vsys":{"type":"string","description_kind":"plain","optional":true},"description":{"type":"string","description_kind":"plain","optional":true},"devices":{"type":["list","string"],"description_kind":"plain","optional":true,"computed":true},"id":{"type":"string","description_kind":"plain","optional":true,"computed":true},"name":{"type":"string","description_kind":"plain","required":true},"templates":{"type":["list","string"],"description_kind":"plain","optional":true}},"description_kind":"plain"}},"panos_panorama_template_stack_entry":{"version":0,"block":{"attributes":{"device":{"type":"string","description_kind":"plain","required":true},"id":{"type":"string","description_kind":"plain","optional":true,"computed":true},"template_stack":{"type":"string","description_kind":"plain","required":true}},"description_kind":"plain"}},"panos_panorama_template_variable":{"version":0,"block":{"attributes":{"id":{"type":"string","description_kind":"plain","optional":true,"computed":true},"name":{"type":"string","description_kind":"plain","required":true},"template":{"type":"string","description_kind":"plain","optional":true},"template_stack":{"type":"string","description_kind":"plain","optional":true},"type":{"type":"string","description_kind":"plain","optional":true},"value":{"type":"string","description_kind":"plain","required":true}},"description_kind":"plain"}},"panos_panorama_tunnel_interface":{"version":0,"block":{"attributes":{"comment":{"type":"string","description_kind":"plain","optional":true},"id":{"type":"string","description_kind":"plain","optional":true,"computed":true},"management_profile":{"type":"string","description_kind":"plain","optional":true},"mtu":{"type":"number","description_kind":"plain","optional":true},"name":{"type":"string","description_kind":"plain","required":true},"netflow_profile":{"type":"string","description_kind":"plain","optional":true},"static_ips":{"type":["list","string"],"description":"List of static IP addresses","description_kind":"plain","optional":true},"template":{"type":"string","description_kind":"plain","required":true},"vsys":{"type":"string","description_kind":"plain","optional":true}},"description_kind":"plain"}},"panos_panorama_virtual_router":{"version":0,"block":{"attributes":{"ebgp_dist":{"type":"number","description_kind":"plain","optional":true},"ecmp_hash_seed":{"type":"number","description_kind":"plain","optional":true},"ecmp_hash_source_only":{"type":"bool","description_kind":"plain","optional":true},"ecmp_hash_use_port":{"type":"bool","description_kind":"plain","optional":true},"ecmp_load_balance_method":{"type":"string","description_kind":"plain","optional":true},"ecmp_max_path":{"type":"number","description_kind":"plain","optional":true},"ecmp_strict_source_path":{"type":"bool","description_kind":"plain","optional":true},"ecmp_symmetric_return":{"type":"bool","description_kind":"plain","optional":true},"ecmp_weighted_round_robin_interfaces":{"type":["map","number"],"description_kind":"plain","optional":true},"enable_ecmp":{"type":"bool","description_kind":"plain","optional":true},"ibgp_dist":{"type":"number","description_kind":"plain","optional":true},"id":{"type":"string","description_kind":"plain","optional":true,"computed":true},"interfaces":{"type":["list","string"],"description_kind":"plain","optional":true,"computed":true},"name":{"type":"string","description_kind":"plain","required":true},"ospf_ext_dist":{"type":"number","description_kind":"plain","optional":true},"ospf_int_dist":{"type":"number","description_kind":"plain","optional":true},"ospfv3_ext_dist":{"type":"number","description_kind":"plain","optional":true},"ospfv3_int_dist":{"type":"number","description_kind":"plain","optional":true},"rip_dist":{"type":"number","description_kind":"plain","optional":true},"static_dist":{"type":"number","description_kind":"plain","optional":true},"static_ipv6_dist":{"type":"number","description_kind":"plain","optional":true},"template":{"type":"string","description_kind":"plain","required":true},"vsys":{"type":"string","description_kind":"plain","optional":true}},"description_kind":"plain"}},"panos_panorama_virtual_router_entry":{"version":0,"block":{"attributes":{"id":{"type":"string","description_kind":"plain","optional":true,"computed":true},"interface":{"type":"string","description_kind":"plain","required":true},"template":{"type":"string","description_kind":"plain","required":true},"virtual_router":{"type":"string","description_kind":"plain","required":true}},"description_kind":"plain"}},"panos_panorama_vlan":{"version":0,"block":{"attributes":{"id":{"type":"string","description_kind":"plain","optional":true,"computed":true},"interfaces":{"type":["set","string"],"description_kind":"plain","optional":true,"computed":true},"name":{"type":"string","description_kind":"plain","required":true},"template":{"type":"string","description_kind":"plain","required":true},"vlan_interface":{"type":"string","description_kind":"plain","optional":true},"vsys":{"type":"string","description_kind":"plain","optional":true}},"description_kind":"plain"}},"panos_panorama_vlan_entry":{"version":0,"block":{"attributes":{"id":{"type":"string","description_kind":"plain","optional":true,"computed":true},"interface":{"type":"string","description_kind":"plain","required":true},"live_mac_addresses":{"type":["set","string"],"description_kind":"plain","computed":true},"mac_addresses":{"type":["set","string"],"description_kind":"plain","optional":true},"template":{"type":"string","description_kind":"plain","required":true},"vlan":{"type":"string","description_kind":"plain","required":true}},"description_kind":"plain"}},"panos_panorama_vlan_interface":{"version":0,"block":{"attributes":{"adjust_tcp_mss":{"type":"bool","description_kind":"plain","optional":true},"comment":{"type":"string","description_kind":"plain","optional":true},"create_dhcp_default_route":{"type":"bool","description_kind":"plain","optional":true},"dhcp_default_route_metric":{"type":"number","description_kind":"plain","optional":true},"enable_dhcp":{"type":"bool","description_kind":"plain","optional":true},"id":{"type":"string","description_kind":"plain","optional":true,"computed":true},"ipv4_mss_adjust":{"type":"number","description_kind":"plain","optional":true},"ipv6_mss_adjust":{"type":"number","description_kind":"plain","optional":true},"management_profile":{"type":"string","description_kind":"plain","optional":true},"mtu":{"type":"number","description_kind":"plain","optional":true},"name":{"type":"string","description_kind":"plain","required":true},"netflow_profile":{"type":"string","description_kind":"plain","optional":true},"static_ips":{"type":["list","string"],"description":"List of static IP addresses","description_kind":"plain","optional":true},"template":{"type":"string","description_kind":"plain","required":true},"vsys":{"type":"string","description_kind":"plain","optional":true}},"description_kind":"plain"}},"panos_panorama_zone":{"version":0,"block":{"attributes":{"enable_user_id":{"type":"bool","description_kind":"plain","optional":true},"exclude_acls":{"type":["list","string"],"description_kind":"plain","optional":true},"id":{"type":"string","description_kind":"plain","optional":true,"computed":true},"include_acls":{"type":["list","string"],"description_kind":"plain","optional":true},"interfaces":{"type":["list","string"],"description_kind":"plain","optional":true,"computed":true},"log_setting":{"type":"string","description_kind":"plain","optional":true},"mode":{"type":"string","description_kind":"plain","optional":true},"name":{"type":"string","description_kind":"plain","required":true},"template":{"type":"string","description_kind":"plain","optional":true},"template_stack":{"type":"string","description_kind":"plain","optional":true},"vsys":{"type":"string","description_kind":"plain","optional":true},"zone_profile":{"type":"string","description_kind":"plain","optional":true}},"description_kind":"plain"}},"panos_panorama_zone_entry":{"version":0,"block":{"attributes":{"id":{"type":"string","description_kind":"plain","optional":true,"computed":true},"interface":{"type":"string","description_kind":"plain","required":true},"mode":{"type":"string","description_kind":"plain","optional":true},"template":{"type":"string","description_kind":"plain","required":true},"vsys":{"type":"string","description_kind":"plain","optional":true},"zone":{"type":"string","description_kind":"plain","required":true}},"description_kind":"plain"}},"panos_pbf_rule_group":{"version":0,"block":{"attributes":{"id":{"type":"string","description_kind":"plain","optional":true,"computed":true},"position_keyword":{"type":"string","description":"The position keyword for this group of rules","description_kind":"plain","optional":true},"position_reference":{"type":"string","description":"The position reference for this group of rules","description_kind":"plain","optional":true},"vsys":{"type":"string","description_kind":"plain","optional":true}},"block_types":{"rule":{"nesting_mode":"list","block":{"attributes":{"active_active_device_binding":{"type":"string","description_kind":"plain","optional":true},"description":{"type":"string","description_kind":"plain","optional":true},"disabled":{"type":"bool","description_kind":"plain","optional":true},"name":{"type":"string","description_kind":"plain","required":true},"schedule":{"type":"string","description_kind":"plain","optional":true},"tags":{"type":["list","string"],"description_kind":"plain","optional":true},"uuid":{"type":"string","description_kind":"plain","optional":true,"computed":true}},"block_types":{"destination":{"nesting_mode":"list","block":{"attributes":{"addresses":{"type":["set","string"],"description_kind":"plain","required":true},"applications":{"type":["set","string"],"description_kind":"plain","required":true},"negate":{"type":"bool","description_kind":"plain","optional":true},"services":{"type":["set","string"],"description_kind":"plain","required":true}},"description_kind":"plain"},"min_items":1,"max_items":1},"forwarding":{"nesting_mode":"list","block":{"attributes":{"action":{"type":"string","description_kind":"plain","optional":true},"egress_interface":{"type":"string","description_kind":"plain","optional":true},"next_hop_type":{"type":"string","description_kind":"plain","optional":true},"next_hop_value":{"type":"string","description_kind":"plain","optional":true},"vsys":{"type":"string","description_kind":"plain","optional":true}},"block_types":{"monitor":{"nesting_mode":"list","block":{"attributes":{"disable_if_unreachable":{"type":"bool","description_kind":"plain","optional":true},"ip_address":{"type":"string","description_kind":"plain","optional":true},"profile":{"type":"string","description_kind":"plain","optional":true}},"description_kind":"plain"},"max_items":1},"symmetric_return":{"nesting_mode":"list","block":{"attributes":{"addresses":{"type":["list","string"],"description_kind":"plain","optional":true},"enable":{"type":"bool","description_kind":"plain","optional":true}},"description_kind":"plain"},"max_items":1}},"description_kind":"plain"},"min_items":1,"max_items":1},"source":{"nesting_mode":"list","block":{"attributes":{"addresses":{"type":["set","string"],"description_kind":"plain","required":true},"interfaces":{"type":["set","string"],"description_kind":"plain","optional":true},"negate":{"type":"bool","description_kind":"plain","optional":true},"users":{"type":["set","string"],"description_kind":"plain","required":true},"zones":{"type":["set","string"],"description_kind":"plain","optional":true}},"description_kind":"plain"},"min_items":1,"max_items":1}},"description_kind":"plain"},"min_items":1}},"description_kind":"plain"}},"panos_redistribution_profile_ipv4":{"version":0,"block":{"attributes":{"action":{"type":"string","description_kind":"plain","optional":true},"bgp_communities":{"type":["list","string"],"description_kind":"plain","optional":true},"bgp_extended_communities":{"type":["list","string"],"description_kind":"plain","optional":true},"destinations":{"type":["list","string"],"description_kind":"plain","optional":true},"id":{"type":"string","description_kind":"plain","optional":true,"computed":true},"interfaces":{"type":["list","string"],"description_kind":"plain","optional":true},"name":{"type":"string","description_kind":"plain","required":true},"next_hops":{"type":["list","string"],"description_kind":"plain","optional":true},"ospf_areas":{"type":["list","string"],"description_kind":"plain","optional":true},"ospf_path_types":{"type":["list","string"],"description_kind":"plain","optional":true},"ospf_tags":{"type":["list","string"],"description_kind":"plain","optional":true},"priority":{"type":"number","description_kind":"plain","required":true},"types":{"type":["list","string"],"description_kind":"plain","optional":true},"virtual_router":{"type":"string","description_kind":"plain","required":true}},"description_kind":"plain"}},"panos_security_policies":{"version":1,"block":{"attributes":{"id":{"type":"string","description_kind":"plain","optional":true,"computed":true},"rulebase":{"type":"string","description":"The Panorama rulebase","description_kind":"plain","optional":true,"computed":true},"vsys":{"type":"string","description":"The vsys to put this object in (default: vsys1)","description_kind":"plain","optional":true}},"block_types":{"rule":{"nesting_mode":"list","block":{"attributes":{"action":{"type":"string","description":"Action (default: allow, deny, drop, reset-client, reset-server, reset-both)","description_kind":"plain","optional":true},"applications":{"type":["list","string"],"description_kind":"plain","required":true},"categories":{"type":["list","string"],"description_kind":"plain","required":true},"data_filtering":{"type":"string","description_kind":"plain","optional":true},"description":{"type":"string","description_kind":"plain","optional":true},"destination_addresses":{"type":["list","string"],"description_kind":"plain","required":true},"destination_zones":{"type":["list","string"],"description_kind":"plain","required":true},"disable_server_response_inspection":{"type":"bool","description_kind":"plain","optional":true},"disabled":{"type":"bool","description_kind":"plain","optional":true},"file_blocking":{"type":"string","description_kind":"plain","optional":true},"group":{"type":"string","description_kind":"plain","optional":true},"hip_profiles":{"type":["list","string"],"description_kind":"plain","required":true},"icmp_unreachable":{"type":"bool","description_kind":"plain","optional":true},"log_end":{"type":"bool","description_kind":"plain","optional":true},"log_setting":{"type":"string","description":"Log forwarding profile","description_kind":"plain","optional":true},"log_start":{"type":"bool","description_kind":"plain","optional":true},"name":{"type":"string","description_kind":"plain","required":true},"negate_destination":{"type":"bool","description_kind":"plain","optional":true},"negate_source":{"type":"bool","description_kind":"plain","optional":true},"schedule":{"type":"string","description_kind":"plain","optional":true},"services":{"type":["list","string"],"description_kind":"plain","required":true},"source_addresses":{"type":["list","string"],"description_kind":"plain","required":true},"source_users":{"type":["list","string"],"description_kind":"plain","required":true},"source_zones":{"type":["list","string"],"description_kind":"plain","required":true},"spyware":{"type":"string","description_kind":"plain","optional":true},"tags":{"type":["set","string"],"description_kind":"plain","optional":true},"type":{"type":"string","description":"Security rule type (default: universal, interzone, intrazone)","description_kind":"plain","optional":true},"url_filtering":{"type":"string","description_kind":"plain","optional":true},"virus":{"type":"string","description_kind":"plain","optional":true},"vulnerability":{"type":"string","description_kind":"plain","optional":true},"wildfire_analysis":{"type":"string","description_kind":"plain","optional":true}},"description_kind":"plain"},"min_items":1}},"description_kind":"plain"}},"panos_security_policy":{"version":1,"block":{"attributes":{"id":{"type":"string","description_kind":"plain","optional":true,"computed":true},"rulebase":{"type":"string","description":"The Panorama rulebase","description_kind":"plain","optional":true,"computed":true},"vsys":{"type":"string","description":"The vsys to put this object in (default: vsys1)","description_kind":"plain","optional":true}},"block_types":{"rule":{"nesting_mode":"list","block":{"attributes":{"action":{"type":"string","description":"Action (default: allow, deny, drop, reset-client, reset-server, reset-both)","description_kind":"plain","optional":true},"applications":{"type":["list","string"],"description_kind":"plain","required":true},"categories":{"type":["list","string"],"description_kind":"plain","required":true},"data_filtering":{"type":"string","description_kind":"plain","optional":true},"description":{"type":"string","description_kind":"plain","optional":true},"destination_addresses":{"type":["list","string"],"description_kind":"plain","required":true},"destination_zones":{"type":["list","string"],"description_kind":"plain","required":true},"disable_server_response_inspection":{"type":"bool","description_kind":"plain","optional":true},"disabled":{"type":"bool","description_kind":"plain","optional":true},"file_blocking":{"type":"string","description_kind":"plain","optional":true},"group":{"type":"string","description_kind":"plain","optional":true},"hip_profiles":{"type":["list","string"],"description_kind":"plain","required":true},"icmp_unreachable":{"type":"bool","description_kind":"plain","optional":true},"log_end":{"type":"bool","description_kind":"plain","optional":true},"log_setting":{"type":"string","description":"Log forwarding profile","description_kind":"plain","optional":true},"log_start":{"type":"bool","description_kind":"plain","optional":true},"name":{"type":"string","description_kind":"plain","required":true},"negate_destination":{"type":"bool","description_kind":"plain","optional":true},"negate_source":{"type":"bool","description_kind":"plain","optional":true},"schedule":{"type":"string","description_kind":"plain","optional":true},"services":{"type":["list","string"],"description_kind":"plain","required":true},"source_addresses":{"type":["list","string"],"description_kind":"plain","required":true},"source_users":{"type":["list","string"],"description_kind":"plain","required":true},"source_zones":{"type":["list","string"],"description_kind":"plain","required":true},"spyware":{"type":"string","description_kind":"plain","optional":true},"tags":{"type":["set","string"],"description_kind":"plain","optional":true},"type":{"type":"string","description":"Security rule type (default: universal, interzone, intrazone)","description_kind":"plain","optional":true},"url_filtering":{"type":"string","description_kind":"plain","optional":true},"virus":{"type":"string","description_kind":"plain","optional":true},"vulnerability":{"type":"string","description_kind":"plain","optional":true},"wildfire_analysis":{"type":"string","description_kind":"plain","optional":true}},"description_kind":"plain"},"min_items":1}},"description_kind":"plain"}},"panos_security_policy_group":{"version":0,"block":{"attributes":{"id":{"type":"string","description_kind":"plain","optional":true,"computed":true},"position_keyword":{"type":"string","description_kind":"plain","optional":true},"position_reference":{"type":"string","description_kind":"plain","optional":true},"vsys":{"type":"string","description_kind":"plain","optional":true}},"block_types":{"rule":{"nesting_mode":"list","block":{"attributes":{"action":{"type":"string","description_kind":"plain","optional":true},"applications":{"type":["list","string"],"description_kind":"plain","required":true},"categories":{"type":["list","string"],"description_kind":"plain","required":true},"data_filtering":{"type":"string","description_kind":"plain","optional":true},"description":{"type":"string","description_kind":"plain","optional":true},"destination_addresses":{"type":["list","string"],"description_kind":"plain","required":true},"destination_zones":{"type":["list","string"],"description_kind":"plain","required":true},"disable_server_response_inspection":{"type":"bool","description_kind":"plain","optional":true},"disabled":{"type":"bool","description_kind":"plain","optional":true},"file_blocking":{"type":"string","description_kind":"plain","optional":true},"group":{"type":"string","description_kind":"plain","optional":true},"hip_profiles":{"type":["list","string"],"description_kind":"plain","required":true},"icmp_unreachable":{"type":"bool","description_kind":"plain","optional":true},"log_end":{"type":"bool","description_kind":"plain","optional":true},"log_setting":{"type":"string","description_kind":"plain","optional":true},"log_start":{"type":"bool","description_kind":"plain","optional":true},"name":{"type":"string","description_kind":"plain","required":true},"negate_destination":{"type":"bool","description_kind":"plain","optional":true},"negate_source":{"type":"bool","description_kind":"plain","optional":true},"schedule":{"type":"string","description_kind":"plain","optional":true},"services":{"type":["list","string"],"description_kind":"plain","required":true},"source_addresses":{"type":["list","string"],"description_kind":"plain","required":true},"source_users":{"type":["list","string"],"description_kind":"plain","required":true},"source_zones":{"type":["list","string"],"description_kind":"plain","required":true},"spyware":{"type":"string","description_kind":"plain","optional":true},"tags":{"type":["set","string"],"description_kind":"plain","optional":true},"type":{"type":"string","description_kind":"plain","optional":true},"url_filtering":{"type":"string","description_kind":"plain","optional":true},"virus":{"type":"string","description_kind":"plain","optional":true},"vulnerability":{"type":"string","description_kind":"plain","optional":true},"wildfire_analysis":{"type":"string","description_kind":"plain","optional":true}},"description_kind":"plain"},"min_items":1}},"description_kind":"plain"}},"panos_security_rule_group":{"version":0,"block":{"attributes":{"id":{"type":"string","description_kind":"plain","optional":true,"computed":true},"position_keyword":{"type":"string","description_kind":"plain","optional":true},"position_reference":{"type":"string","description_kind":"plain","optional":true},"vsys":{"type":"string","description_kind":"plain","optional":true}},"block_types":{"rule":{"nesting_mode":"list","block":{"attributes":{"action":{"type":"string","description_kind":"plain","optional":true},"applications":{"type":["list","string"],"description_kind":"plain","required":true},"categories":{"type":["list","string"],"description_kind":"plain","required":true},"data_filtering":{"type":"string","description_kind":"plain","optional":true},"description":{"type":"string","description_kind":"plain","optional":true},"destination_addresses":{"type":["list","string"],"description_kind":"plain","required":true},"destination_zones":{"type":["list","string"],"description_kind":"plain","required":true},"disable_server_response_inspection":{"type":"bool","description_kind":"plain","optional":true},"disabled":{"type":"bool","description_kind":"plain","optional":true},"file_blocking":{"type":"string","description_kind":"plain","optional":true},"group":{"type":"string","description_kind":"plain","optional":true},"hip_profiles":{"type":["list","string"],"description_kind":"plain","required":true},"icmp_unreachable":{"type":"bool","description_kind":"plain","optional":true},"log_end":{"type":"bool","description_kind":"plain","optional":true},"log_setting":{"type":"string","description_kind":"plain","optional":true},"log_start":{"type":"bool","description_kind":"plain","optional":true},"name":{"type":"string","description_kind":"plain","required":true},"negate_destination":{"type":"bool","description_kind":"plain","optional":true},"negate_source":{"type":"bool","description_kind":"plain","optional":true},"schedule":{"type":"string","description_kind":"plain","optional":true},"services":{"type":["list","string"],"description_kind":"plain","required":true},"source_addresses":{"type":["list","string"],"description_kind":"plain","required":true},"source_users":{"type":["list","string"],"description_kind":"plain","required":true},"source_zones":{"type":["list","string"],"description_kind":"plain","required":true},"spyware":{"type":"string","description_kind":"plain","optional":true},"tags":{"type":["set","string"],"description_kind":"plain","optional":true},"type":{"type":"string","description_kind":"plain","optional":true},"url_filtering":{"type":"string","description_kind":"plain","optional":true},"virus":{"type":"string","description_kind":"plain","optional":true},"vulnerability":{"type":"string","description_kind":"plain","optional":true},"wildfire_analysis":{"type":"string","description_kind":"plain","optional":true}},"description_kind":"plain"},"min_items":1}},"description_kind":"plain"}},"panos_service_group":{"version":0,"block":{"attributes":{"id":{"type":"string","description_kind":"plain","optional":true,"computed":true},"name":{"type":"string","description":"The service group's name","description_kind":"plain","required":true},"services":{"type":["list","string"],"description_kind":"plain","required":true},"tags":{"type":["set","string"],"description":"Administrative tags for the service group","description_kind":"plain","optional":true},"vsys":{"type":"string","description":"The vsys to put this service group in","description_kind":"plain","optional":true}},"description_kind":"plain"}},"panos_service_object":{"version":0,"block":{"attributes":{"description":{"type":"string","description":"Object's description","description_kind":"plain","optional":true},"destination_port":{"type":"string","description":"The destination port definition","description_kind":"plain","required":true},"id":{"type":"string","description_kind":"plain","optional":true,"computed":true},"name":{"type":"string","description":"The service object's name","description_kind":"plain","required":true},"override_half_closed_timeout":{"type":"number","description_kind":"plain","optional":true},"override_session_timeout":{"type":"bool","description_kind":"plain","optional":true},"override_time_wait_timeout":{"type":"number","description_kind":"plain","optional":true},"override_timeout":{"type":"number","description_kind":"plain","optional":true},"protocol":{"type":"string","description_kind":"plain","required":true},"source_port":{"type":"string","description":"The source port definition","description_kind":"plain","optional":true},"tags":{"type":["list","string"],"description_kind":"plain","optional":true},"vsys":{"type":"string","description_kind":"plain","optional":true}},"description_kind":"plain"}},"panos_snmptrap_server_profile":{"version":0,"block":{"attributes":{"auth_password_enc":{"type":["map","string"],"description_kind":"plain","computed":true,"sensitive":true},"auth_password_raw":{"type":["map","string"],"description_kind":"plain","computed":true,"sensitive":true},"id":{"type":"string","description_kind":"plain","optional":true,"computed":true},"name":{"type":"string","description_kind":"plain","required":true},"priv_password_enc":{"type":["map","string"],"description_kind":"plain","computed":true,"sensitive":true},"priv_password_raw":{"type":["map","string"],"description_kind":"plain","computed":true,"sensitive":true},"vsys":{"type":"string","description_kind":"plain","optional":true}},"block_types":{"v2c_server":{"nesting_mode":"list","block":{"attributes":{"community":{"type":"string","description_kind":"plain","required":true},"manager":{"type":"string","description_kind":"plain","required":true},"name":{"type":"string","description_kind":"plain","required":true}},"description_kind":"plain"}},"v3_server":{"nesting_mode":"list","block":{"attributes":{"auth_password":{"type":"string","description_kind":"plain","required":true,"sensitive":true},"engine_id":{"type":"string","description_kind":"plain","optional":true},"manager":{"type":"string","description_kind":"plain","required":true},"name":{"type":"string","description_kind":"plain","required":true},"priv_password":{"type":"string","description_kind":"plain","required":true,"sensitive":true},"user":{"type":"string","description_kind":"plain","required":true}},"description_kind":"plain"}}},"description_kind":"plain"}},"panos_static_route_ipv4":{"version":0,"block":{"attributes":{"admin_distance":{"type":"number","description_kind":"plain","optional":true},"bfd_profile":{"type":"string","description_kind":"plain","optional":true},"destination":{"type":"string","description_kind":"plain","required":true},"id":{"type":"string","description_kind":"plain","optional":true,"computed":true},"interface":{"type":"string","description_kind":"plain","optional":true},"metric":{"type":"number","description_kind":"plain","optional":true},"name":{"type":"string","description_kind":"plain","required":true},"next_hop":{"type":"string","description_kind":"plain","optional":true},"route_table":{"type":"string","description_kind":"plain","optional":true},"type":{"type":"string","description_kind":"plain","optional":true},"virtual_router":{"type":"string","description_kind":"plain","required":true}},"description_kind":"plain"}},"panos_syslog_server_profile":{"version":0,"block":{"attributes":{"auth_format":{"type":"string","description_kind":"plain","optional":true},"config_format":{"type":"string","description_kind":"plain","optional":true},"data_format":{"type":"string","description_kind":"plain","optional":true},"escape_character":{"type":"string","description_kind":"plain","optional":true},"escaped_characters":{"type":"string","description_kind":"plain","optional":true},"gtp_format":{"type":"string","description_kind":"plain","optional":true},"hip_match_format":{"type":"string","description_kind":"plain","optional":true},"id":{"type":"string","description_kind":"plain","optional":true,"computed":true},"iptag_format":{"type":"string","description_kind":"plain","optional":true},"name":{"type":"string","description_kind":"plain","required":true},"sctp_format":{"type":"string","description_kind":"plain","optional":true},"system_format":{"type":"string","description_kind":"plain","optional":true},"threat_format":{"type":"string","description_kind":"plain","optional":true},"traffic_format":{"type":"string","description_kind":"plain","optional":true},"tunnel_format":{"type":"string","description_kind":"plain","optional":true},"url_format":{"type":"string","description_kind":"plain","optional":true},"user_id_format":{"type":"string","description_kind":"plain","optional":true},"vsys":{"type":"string","description_kind":"plain","optional":true},"wildfire_format":{"type":"string","description_kind":"plain","optional":true}},"block_types":{"syslog_server":{"nesting_mode":"list","block":{"attributes":{"facility":{"type":"string","description_kind":"plain","optional":true},"name":{"type":"string","description_kind":"plain","required":true},"port":{"type":"number","description_kind":"plain","optional":true},"server":{"type":"string","description_kind":"plain","required":true},"syslog_format":{"type":"string","description_kind":"plain","optional":true},"transport":{"type":"string","description_kind":"plain","optional":true}},"description_kind":"plain"},"min_items":1}},"description_kind":"plain"}},"panos_telemetry":{"version":0,"block":{"attributes":{"application_reports":{"type":"bool","description_kind":"plain","optional":true},"file_type_identification_reports":{"type":"bool","description_kind":"plain","optional":true},"id":{"type":"string","description_kind":"plain","optional":true,"computed":true},"passive_dns_monitoring":{"type":"bool","description_kind":"plain","optional":true},"product_usage_stats":{"type":"bool","description_kind":"plain","optional":true},"threat_prevention_data":{"type":"bool","description_kind":"plain","optional":true},"threat_prevention_packet_captures":{"type":"bool","description_kind":"plain","optional":true},"threat_prevention_reports":{"type":"bool","description_kind":"plain","optional":true},"url_reports":{"type":"bool","description_kind":"plain","optional":true}},"description_kind":"plain"}},"panos_tunnel_interface":{"version":0,"block":{"attributes":{"comment":{"type":"string","description_kind":"plain","optional":true},"id":{"type":"string","description_kind":"plain","optional":true,"computed":true},"management_profile":{"type":"string","description_kind":"plain","optional":true},"mtu":{"type":"number","description_kind":"plain","optional":true},"name":{"type":"string","description_kind":"plain","required":true},"netflow_profile":{"type":"string","description_kind":"plain","optional":true},"static_ips":{"type":["list","string"],"description":"List of static IP addresses","description_kind":"plain","optional":true},"vsys":{"type":"string","description_kind":"plain","optional":true}},"description_kind":"plain"}},"panos_url_filtering_security_profile":{"version":0,"block":{"attributes":{"alert_categories":{"type":["list","string"],"description":"List of categories to alert","description_kind":"plain","optional":true},"allow_categories":{"type":["list","string"],"description":"List of categories to allow","description_kind":"plain","optional":true},"allow_list":{"type":["list","string"],"description":"(Removed in PAN-OS 9.0) Allow list","description_kind":"plain","optional":true},"block_categories":{"type":["list","string"],"description":"List of categories to block","description_kind":"plain","optional":true},"block_list":{"type":["list","string"],"description":"(Removed in PAN-OS 9.0) Block list","description_kind":"plain","optional":true},"block_list_action":{"type":"string","description":"(Removed in PAN-OS 9.0) Block list action","description_kind":"plain","optional":true},"continue_categories":{"type":["list","string"],"description":"List of categories to continue","description_kind":"plain","optional":true},"description":{"type":"string","description":"Description","description_kind":"plain","optional":true},"device_group":{"type":"string","description_kind":"plain","optional":true},"dynamic_url":{"type":"bool","description":"(Removed in PAN-OS 9.0) Dynamic URL","description_kind":"plain","optional":true},"expired_license_action":{"type":"bool","description":"(Removed in PAN-OS 9.0) Expired license action","description_kind":"plain","optional":true},"id":{"type":"string","description_kind":"plain","optional":true,"computed":true},"log_container_page_only":{"type":"bool","description":"Set to true to log container page only","description_kind":"plain","optional":true},"log_http_header_referer":{"type":"bool","description":"HTTP Header Logging: Referer","description_kind":"plain","optional":true},"log_http_header_user_agent":{"type":"bool","description":"HTTP Header Logging: User-Agent","description_kind":"plain","optional":true},"log_http_header_xff":{"type":"bool","description":"HTTP Header Logging: X-Forwarded-For","description_kind":"plain","optional":true},"machine_learning_exceptions":{"type":["list","string"],"description":"(PAN-OS 10.0+) List of machine learning exceptions","description_kind":"plain","optional":true},"name":{"type":"string","description":"Security profile name","description_kind":"plain","required":true},"override_categories":{"type":["list","string"],"description":"List of categories to allow","description_kind":"plain","optional":true},"safe_search_enforcement":{"type":"bool","description":"Set to true for safe search enforcement","description_kind":"plain","optional":true},"track_container_page":{"type":"bool","description":"Set to true to track the container page","description_kind":"plain","optional":true},"ucd_alert_categories":{"type":["list","string"],"description":"(PAN-OS 8.0+) Categories alerted on with user credential submission","description_kind":"plain","optional":true},"ucd_allow_categories":{"type":["list","string"],"description":"(PAN-OS 8.0+) Categories allowed with user credential submission","description_kind":"plain","optional":true},"ucd_block_categories":{"type":["list","string"],"description":"(PAN-OS 8.0+) Categories blocked with user credential submission","description_kind":"plain","optional":true},"ucd_continue_categories":{"type":["list","string"],"description":"(PAN-OS 8.0+) Categories continued with user credential submission","description_kind":"plain","optional":true},"ucd_log_severity":{"type":"string","description":"(PAN-OS 8.0+) User credential detection: valid username detected log severity","description_kind":"plain","optional":true},"ucd_mode":{"type":"string","description":"(PAN-OS 8.0+) User credential detection mode","description_kind":"plain","optional":true},"ucd_mode_group_mapping":{"type":"string","description":"(PAN-OS 8.0+, ucd_mode = group-mapping) User credential detection: the group mapping settings","description_kind":"plain","optional":true},"vsys":{"type":"string","description_kind":"plain","optional":true}},"block_types":{"http_header_insertion":{"nesting_mode":"list","block":{"attributes":{"domains":{"type":["list","string"],"description":"Header domains","description_kind":"plain","optional":true},"name":{"type":"string","description":"Header name","description_kind":"plain","required":true},"type":{"type":"string","description":"Header type","description_kind":"plain","optional":true}},"block_types":{"http_header":{"nesting_mode":"list","block":{"attributes":{"header":{"type":"string","description":"The header","description_kind":"plain","required":true},"log":{"type":"bool","description":"Set to true to enable logging of this header insertion","description_kind":"plain","optional":true},"name":{"type":"string","description":"HTTP header name (auto-generated)","description_kind":"plain","computed":true},"value":{"type":"string","description":"The value of the header","description_kind":"plain","required":true}},"description_kind":"plain"}}},"description_kind":"plain"}},"machine_learning_model":{"nesting_mode":"list","block":{"attributes":{"action":{"type":"string","description":"Machine learning model action","description_kind":"plain","required":true},"model":{"type":"string","description":"Machine learning model","description_kind":"plain","required":true}},"description_kind":"plain"}}},"description_kind":"plain"}},"panos_user_tag":{"version":0,"block":{"attributes":{"id":{"type":"string","description_kind":"plain","optional":true,"computed":true},"tags":{"type":["set","string"],"description":"Tags","description_kind":"plain","required":true},"user":{"type":"string","description":"IP address to tag","description_kind":"plain","required":true},"vsys":{"type":"string","description_kind":"plain","optional":true}},"description_kind":"plain"}},"panos_userid_login":{"version":0,"block":{"attributes":{"id":{"type":"string","description_kind":"plain","optional":true,"computed":true},"ip":{"type":"string","description":"IP address the user is logging in from","description_kind":"plain","required":true},"user":{"type":"string","description":"User that should be logged in","description_kind":"plain","required":true},"vsys":{"type":"string","description":"The vsys to config DAG tags for","description_kind":"plain","optional":true}},"description_kind":"plain"}},"panos_virtual_router":{"version":0,"block":{"attributes":{"ebgp_dist":{"type":"number","description_kind":"plain","optional":true},"ecmp_hash_seed":{"type":"number","description_kind":"plain","optional":true},"ecmp_hash_source_only":{"type":"bool","description_kind":"plain","optional":true},"ecmp_hash_use_port":{"type":"bool","description_kind":"plain","optional":true},"ecmp_load_balance_method":{"type":"string","description_kind":"plain","optional":true},"ecmp_max_path":{"type":"number","description_kind":"plain","optional":true},"ecmp_strict_source_path":{"type":"bool","description_kind":"plain","optional":true},"ecmp_symmetric_return":{"type":"bool","description_kind":"plain","optional":true},"ecmp_weighted_round_robin_interfaces":{"type":["map","number"],"description_kind":"plain","optional":true},"enable_ecmp":{"type":"bool","description_kind":"plain","optional":true},"ibgp_dist":{"type":"number","description_kind":"plain","optional":true},"id":{"type":"string","description_kind":"plain","optional":true,"computed":true},"interfaces":{"type":["list","string"],"description_kind":"plain","optional":true,"computed":true},"name":{"type":"string","description_kind":"plain","required":true},"ospf_ext_dist":{"type":"number","description_kind":"plain","optional":true},"ospf_int_dist":{"type":"number","description_kind":"plain","optional":true},"ospfv3_ext_dist":{"type":"number","description_kind":"plain","optional":true},"ospfv3_int_dist":{"type":"number","description_kind":"plain","optional":true},"rip_dist":{"type":"number","description_kind":"plain","optional":true},"static_dist":{"type":"number","description_kind":"plain","optional":true},"static_ipv6_dist":{"type":"number","description_kind":"plain","optional":true},"vsys":{"type":"string","description_kind":"plain","optional":true}},"description_kind":"plain"}},"panos_virtual_router_entry":{"version":0,"block":{"attributes":{"id":{"type":"string","description_kind":"plain","optional":true,"computed":true},"interface":{"type":"string","description_kind":"plain","required":true},"virtual_router":{"type":"string","description_kind":"plain","required":true}},"description_kind":"plain"}},"panos_vlan":{"version":0,"block":{"attributes":{"id":{"type":"string","description_kind":"plain","optional":true,"computed":true},"interfaces":{"type":["set","string"],"description_kind":"plain","optional":true,"computed":true},"name":{"type":"string","description_kind":"plain","required":true},"vlan_interface":{"type":"string","description_kind":"plain","optional":true},"vsys":{"type":"string","description_kind":"plain","optional":true}},"description_kind":"plain"}},"panos_vlan_entry":{"version":0,"block":{"attributes":{"id":{"type":"string","description_kind":"plain","optional":true,"computed":true},"interface":{"type":"string","description_kind":"plain","required":true},"live_mac_addresses":{"type":["set","string"],"description_kind":"plain","computed":true},"mac_addresses":{"type":["set","string"],"description_kind":"plain","optional":true},"vlan":{"type":"string","description_kind":"plain","required":true}},"description_kind":"plain"}},"panos_vlan_interface":{"version":0,"block":{"attributes":{"adjust_tcp_mss":{"type":"bool","description_kind":"plain","optional":true},"comment":{"type":"string","description_kind":"plain","optional":true},"create_dhcp_default_route":{"type":"bool","description_kind":"plain","optional":true},"dhcp_default_route_metric":{"type":"number","description_kind":"plain","optional":true},"enable_dhcp":{"type":"bool","description_kind":"plain","optional":true},"id":{"type":"string","description_kind":"plain","optional":true,"computed":true},"ipv4_mss_adjust":{"type":"number","description_kind":"plain","optional":true},"ipv6_mss_adjust":{"type":"number","description_kind":"plain","optional":true},"management_profile":{"type":"string","description_kind":"plain","optional":true},"mtu":{"type":"number","description_kind":"plain","optional":true},"name":{"type":"string","description_kind":"plain","required":true},"netflow_profile":{"type":"string","description_kind":"plain","optional":true},"static_ips":{"type":["list","string"],"description":"List of static IP addresses","description_kind":"plain","optional":true},"vsys":{"type":"string","description_kind":"plain","optional":true}},"description_kind":"plain"}},"panos_vm_auth_key":{"version":0,"block":{"attributes":{"auth_key":{"type":"string","description":"The VM auth key","description_kind":"plain","computed":true},"expiry":{"type":"string","description":"The expiry time as a string","description_kind":"plain","computed":true},"hours":{"type":"number","description":"The VM auth key lifetime","description_kind":"plain","optional":true},"id":{"type":"string","description_kind":"plain","optional":true,"computed":true},"valid":{"type":"bool","description":"If the VM auth key is still valid or if it's expired","description_kind":"plain","computed":true}},"description_kind":"plain"}},"panos_vulnerability_security_profile":{"version":0,"block":{"attributes":{"description":{"type":"string","description":"Description","description_kind":"plain","optional":true},"device_group":{"type":"string","description_kind":"plain","optional":true},"id":{"type":"string","description_kind":"plain","optional":true,"computed":true},"name":{"type":"string","description":"Security profile name","description_kind":"plain","required":true},"vsys":{"type":"string","description_kind":"plain","optional":true}},"block_types":{"exception":{"nesting_mode":"list","block":{"attributes":{"action":{"type":"string","description":"The action","description_kind":"plain","optional":true},"block_ip_duration":{"type":"number","description":"Track by duration","description_kind":"plain","optional":true},"block_ip_track_by":{"type":"string","description":"Track by setting","description_kind":"plain","optional":true},"exempt_ips":{"type":["list","string"],"description":"List of exempt IP addresses","description_kind":"plain","optional":true},"name":{"type":"string","description":"Name","description_kind":"plain","required":true},"packet_capture":{"type":"string","description":"Packet capture setting","description_kind":"plain","optional":true},"time_interval":{"type":"number","description":"Time interval","description_kind":"plain","optional":true},"time_threshold":{"type":"number","description":"Time threshold","description_kind":"plain","optional":true},"time_track_by":{"type":"string","description":"Time track by setting","description_kind":"plain","optional":true}},"description_kind":"plain"}},"rule":{"nesting_mode":"list","block":{"attributes":{"action":{"type":"string","description":"The action","description_kind":"plain","optional":true},"block_ip_duration":{"type":"number","description":"Track by duration","description_kind":"plain","optional":true},"block_ip_track_by":{"type":"string","description":"Track by setting","description_kind":"plain","optional":true},"category":{"type":"string","description":"The category","description_kind":"plain","optional":true},"cves":{"type":["set","string"],"description":"List of CVEs","description_kind":"plain","optional":true},"host":{"type":"string","description":"The host","description_kind":"plain","optional":true},"name":{"type":"string","description":"Rule name","description_kind":"plain","required":true},"packet_capture":{"type":"string","description":"Packet capture setting","description_kind":"plain","optional":true},"severities":{"type":["list","string"],"description":"List of severities","description_kind":"plain","optional":true},"threat_name":{"type":"string","description":"The threat name","description_kind":"plain","optional":true},"vendor_ids":{"type":["set","string"],"description":"List of vendor IDs","description_kind":"plain","optional":true}},"description_kind":"plain"}}},"description_kind":"plain"}},"panos_wildfire_analysis_security_profile":{"version":0,"block":{"attributes":{"description":{"type":"string","description":"Description","description_kind":"plain","optional":true},"device_group":{"type":"string","description_kind":"plain","optional":true},"id":{"type":"string","description_kind":"plain","optional":true,"computed":true},"name":{"type":"string","description":"Security profile name","description_kind":"plain","required":true},"vsys":{"type":"string","description_kind":"plain","optional":true}},"block_types":{"rule":{"nesting_mode":"list","block":{"attributes":{"analysis":{"type":"string","description":"Analysis setting","description_kind":"plain","optional":true},"applications":{"type":["list","string"],"description":"List of applications","description_kind":"plain","optional":true},"direction":{"type":"string","description":"Direction","description_kind":"plain","optional":true},"file_types":{"type":["list","string"],"description":"List of file types","description_kind":"plain","optional":true},"name":{"type":"string","description":"Rule name","description_kind":"plain","required":true}},"description_kind":"plain"}}},"description_kind":"plain"}},"panos_zone":{"version":0,"block":{"attributes":{"enable_user_id":{"type":"bool","description":"The zone's mode","description_kind":"plain","optional":true},"exclude_acls":{"type":["list","string"],"description":"User Identification exclude ACL list","description_kind":"plain","optional":true},"id":{"type":"string","description_kind":"plain","optional":true,"computed":true},"include_acls":{"type":["list","string"],"description":"User Identification include ACL list","description_kind":"plain","optional":true},"interfaces":{"type":["list","string"],"description":"User Identification include ACL list","description_kind":"plain","optional":true,"computed":true},"log_setting":{"type":"string","description":"The zone's mode","description_kind":"plain","optional":true},"mode":{"type":"string","description":"The zone's mode","description_kind":"plain","optional":true},"name":{"type":"string","description":"The zone's name","description_kind":"plain","required":true},"vsys":{"type":"string","description":"The vsys to put this zone in","description_kind":"plain","optional":true},"zone_profile":{"type":"string","description":"The zone's mode","description_kind":"plain","optional":true}},"description_kind":"plain"}},"panos_zone_entry":{"version":0,"block":{"attributes":{"id":{"type":"string","description_kind":"plain","optional":true,"computed":true},"interface":{"type":"string","description_kind":"plain","required":true},"mode":{"type":"string","description_kind":"plain","optional":true},"vsys":{"type":"string","description_kind":"plain","optional":true},"zone":{"type":"string","description_kind":"plain","required":true}},"description_kind":"plain"}}},"data_source_schemas":{"panos_address_object":{"version":1,"block":{"attributes":{"description":{"type":"string","description_kind":"plain","computed":true},"device_group":{"type":"string","description_kind":"plain","optional":true},"id":{"type":"string","description_kind":"plain","optional":true,"computed":true},"name":{"type":"string","description_kind":"plain","required":true},"tags":{"type":["list","string"],"description_kind":"plain","computed":true},"type":{"type":"string","description_kind":"plain","computed":true},"value":{"type":"string","description_kind":"plain","computed":true},"vsys":{"type":"string","description_kind":"plain","optional":true}},"description_kind":"plain"}},"panos_address_objects":{"version":0,"block":{"attributes":{"device_group":{"type":"string","description_kind":"plain","optional":true},"id":{"type":"string","description_kind":"plain","optional":true,"computed":true},"listing":{"type":["list","string"],"description":"Object names","description_kind":"plain","computed":true},"total":{"type":"number","description":"Number of objects present","description_kind":"plain","computed":true},"vsys":{"type":"string","description_kind":"plain","optional":true}},"description_kind":"plain"}},"panos_anti_spyware_security_profile":{"version":0,"block":{"attributes":{"botnet_list":{"type":["list",["object",{"action":"string","name":"string","packet_capture":"string"}]],"description":"Botnet list specs","description_kind":"plain","computed":true},"description":{"type":"string","description":"Description","description_kind":"plain","computed":true},"device_group":{"type":"string","description_kind":"plain","optional":true},"dns_category":{"type":["list",["object",{"action":"string","log_level":"string","name":"string","packet_capture":"string"}]],"description":"(PAN-OS 10.0+) DNS category specs","description_kind":"plain","computed":true},"exception":{"type":["list",["object",{"action":"string","block_ip_duration":"number","block_ip_track_by":"string","exempt_ips":["list","string"],"name":"string","packet_capture":"string"}]],"description":"Exception list spec","description_kind":"plain","computed":true},"id":{"type":"string","description_kind":"plain","optional":true,"computed":true},"name":{"type":"string","description":"Security profile name","description_kind":"plain","required":true},"packet_capture":{"type":"string","description":"(PAN-OS 8.x only) Packet capture config","description_kind":"plain","computed":true},"rule":{"type":["list",["object",{"action":"string","block_ip_duration":"number","block_ip_track_by":"string","category":"string","name":"string","packet_capture":"string","severities":["list","string"],"threat_name":"string"}]],"description":"Rule list spec","description_kind":"plain","computed":true},"sinkhole_ipv4_address":{"type":"string","description":"IPv4 sinkhole address","description_kind":"plain","computed":true},"sinkhole_ipv6_address":{"type":"string","description":"IPv6 sinkhole address","description_kind":"plain","computed":true},"threat_exceptions":{"type":["list","string"],"description":"List of threat exceptions","description_kind":"plain","computed":true},"vsys":{"type":"string","description_kind":"plain","optional":true},"white_list":{"type":["list",["object",{"description":"string","name":"string"}]],"description":"(PAN-OS 10.0+) White list specs","description_kind":"plain","computed":true}},"description_kind":"plain"}},"panos_anti_spyware_security_profiles":{"version":0,"block":{"attributes":{"device_group":{"type":"string","description_kind":"plain","optional":true},"id":{"type":"string","description_kind":"plain","optional":true,"computed":true},"listing":{"type":["list","string"],"description":"Object names","description_kind":"plain","computed":true},"total":{"type":"number","description":"Number of objects present","description_kind":"plain","computed":true},"vsys":{"type":"string","description_kind":"plain","optional":true}},"description_kind":"plain"}},"panos_antivirus_security_profile":{"version":0,"block":{"attributes":{"application_exception":{"type":["list",["object",{"action":"string","application":"string"}]],"description":"Application exception specs","description_kind":"plain","computed":true},"decoder":{"type":["list",["object",{"action":"string","machine_learning_action":"string","name":"string","wildfire_action":"string"}]],"description":"Decoders","description_kind":"plain","computed":true},"description":{"type":"string","description":"Description","description_kind":"plain","computed":true},"device_group":{"type":"string","description_kind":"plain","optional":true},"id":{"type":"string","description_kind":"plain","optional":true,"computed":true},"machine_learning_exception":{"type":["list",["object",{"description":"string","filename":"string","name":"string"}]],"description":"Machine learning exception spec","description_kind":"plain","computed":true},"machine_learning_model":{"type":["list",["object",{"action":"string","model":"string"}]],"description":"Machine learning model spec","description_kind":"plain","computed":true},"name":{"type":"string","description":"Security profile name","description_kind":"plain","required":true},"packet_capture":{"type":"bool","description":"Set to true to enable packet capture","description_kind":"plain","computed":true},"threat_exceptions":{"type":["list","string"],"description":"List of threat exceptions","description_kind":"plain","computed":true},"vsys":{"type":"string","description_kind":"plain","optional":true}},"description_kind":"plain"}},"panos_antivirus_security_profiles":{"version":0,"block":{"attributes":{"device_group":{"type":"string","description_kind":"plain","optional":true},"id":{"type":"string","description_kind":"plain","optional":true,"computed":true},"listing":{"type":["list","string"],"description":"Object names","description_kind":"plain","computed":true},"total":{"type":"number","description":"Number of objects present","description_kind":"plain","computed":true},"vsys":{"type":"string","description_kind":"plain","optional":true}},"description_kind":"plain"}},"panos_api_key":{"version":0,"block":{"attributes":{"api_key":{"type":"string","description":"The API key associated with the provider's authentication credentials","description_kind":"plain","computed":true},"id":{"type":"string","description_kind":"plain","optional":true,"computed":true}},"description_kind":"plain"}},"panos_arp":{"version":0,"block":{"attributes":{"id":{"type":"string","description_kind":"plain","optional":true,"computed":true},"interface":{"type":"string","description":"(For interface_type = vlan) The interface","description_kind":"plain","computed":true},"interface_name":{"type":"string","description":"The interface name; leave this empty for VLAN interfaces","description_kind":"plain","optional":true},"interface_type":{"type":"string","description":"The interface type","description_kind":"plain","optional":true},"ip":{"type":"string","description":"The IP address","description_kind":"plain","required":true},"mac_address":{"type":"string","description":"The MAC address","description_kind":"plain","computed":true},"subinterface_name":{"type":"string","description":"The subinterface name","description_kind":"plain","optional":true},"template":{"type":"string","description":"(If Panorama) The template where the interface is","description_kind":"plain","optional":true}},"description_kind":"plain"}},"panos_arps":{"version":0,"block":{"attributes":{"id":{"type":"string","description_kind":"plain","optional":true,"computed":true},"interface_name":{"type":"string","description":"The interface name; leave this empty for VLAN interfaces","description_kind":"plain","optional":true},"interface_type":{"type":"string","description":"The interface type","description_kind":"plain","optional":true},"listing":{"type":["list","string"],"description":"Object names","description_kind":"plain","computed":true},"subinterface_name":{"type":"string","description":"The subinterface name","description_kind":"plain","optional":true},"template":{"type":"string","description":"(If Panorama) The template where the interface is","description_kind":"plain","optional":true},"total":{"type":"number","description":"Number of objects present","description_kind":"plain","computed":true}},"description_kind":"plain"}},"panos_custom_data_pattern_object":{"version":0,"block":{"attributes":{"description":{"type":"string","description":"Description","description_kind":"plain","computed":true},"device_group":{"type":"string","description_kind":"plain","optional":true},"file_property":{"type":["list",["object",{"file_property":"string","file_type":"string","name":"string","property_value":"string"}]],"description":"List of predefined pattern specs","description_kind":"plain","computed":true},"id":{"type":"string","description_kind":"plain","optional":true,"computed":true},"name":{"type":"string","description":"Security profile name","description_kind":"plain","required":true},"predefined_pattern":{"type":["list",["object",{"file_types":["list","string"],"name":"string"}]],"description":"List of predefined pattern specs","description_kind":"plain","computed":true},"regex":{"type":["list",["object",{"file_types":["list","string"],"name":"string","regex":"string"}]],"description":"List of predefined pattern specs","description_kind":"plain","computed":true},"type":{"type":"string","description":"Type","description_kind":"plain","computed":true},"vsys":{"type":"string","description_kind":"plain","optional":true}},"description_kind":"plain"}},"panos_custom_data_pattern_objects":{"version":0,"block":{"attributes":{"device_group":{"type":"string","description_kind":"plain","optional":true},"id":{"type":"string","description_kind":"plain","optional":true,"computed":true},"listing":{"type":["list","string"],"description":"Object names","description_kind":"plain","computed":true},"total":{"type":"number","description":"Number of objects present","description_kind":"plain","computed":true},"vsys":{"type":"string","description_kind":"plain","optional":true}},"description_kind":"plain"}},"panos_data_filtering_security_profile":{"version":0,"block":{"attributes":{"data_capture":{"type":"bool","description":"Data capture","description_kind":"plain","computed":true},"description":{"type":"string","description":"Description","description_kind":"plain","computed":true},"device_group":{"type":"string","description_kind":"plain","optional":true},"id":{"type":"string","description_kind":"plain","optional":true,"computed":true},"name":{"type":"string","description":"Security profile name","description_kind":"plain","required":true},"rule":{"type":["list",["object",{"alert_threshold":"number","applications":["list","string"],"block_threshold":"number","data_pattern":"string","direction":"string","file_types":["list","string"],"log_severity":"string","name":"string"}]],"description":"List of rule specs","description_kind":"plain","computed":true},"vsys":{"type":"string","description_kind":"plain","optional":true}},"description_kind":"plain"}},"panos_data_filtering_security_profiles":{"version":0,"block":{"attributes":{"device_group":{"type":"string","description_kind":"plain","optional":true},"id":{"type":"string","description_kind":"plain","optional":true,"computed":true},"listing":{"type":["list","string"],"description":"Object names","description_kind":"plain","computed":true},"total":{"type":"number","description":"Number of objects present","description_kind":"plain","computed":true},"vsys":{"type":"string","description_kind":"plain","optional":true}},"description_kind":"plain"}},"panos_device_group_parent":{"version":0,"block":{"attributes":{"entries":{"type":["map","string"],"description":"Map of strings where the key is the device group and the value is the parent name; an empty string value means that the parent is the 'shared' device group","description_kind":"plain","computed":true},"id":{"type":"string","description_kind":"plain","optional":true,"computed":true},"total":{"type":"number","description":"Total number of entries","description_kind":"plain","computed":true}},"description_kind":"plain"}},"panos_dhcp_interface_info":{"version":0,"block":{"attributes":{"dns_suffix":{"type":"string","description_kind":"plain","computed":true},"gateway":{"type":"string","description_kind":"plain","computed":true},"id":{"type":"string","description_kind":"plain","optional":true,"computed":true},"interface":{"type":"string","description_kind":"plain","required":true},"ip":{"type":"string","description_kind":"plain","computed":true},"pop3_server":{"type":"string","description_kind":"plain","computed":true},"primary_dns":{"type":"string","description_kind":"plain","computed":true},"primary_nis":{"type":"string","description_kind":"plain","computed":true},"primary_ntp":{"type":"string","description_kind":"plain","computed":true},"primary_wins":{"type":"string","description_kind":"plain","computed":true},"secondary_dns":{"type":"string","description_kind":"plain","computed":true},"secondary_nis":{"type":"string","description_kind":"plain","computed":true},"secondary_ntp":{"type":"string","description_kind":"plain","computed":true},"secondary_wins":{"type":"string","description_kind":"plain","computed":true},"server":{"type":"string","description_kind":"plain","computed":true},"server_id":{"type":"string","description_kind":"plain","computed":true},"smtp_server":{"type":"string","description_kind":"plain","computed":true},"state":{"type":"string","description_kind":"plain","computed":true}},"description_kind":"plain"}},"panos_dos_protection_profile":{"version":0,"block":{"attributes":{"description":{"type":"string","description":"Description","description_kind":"plain","computed":true},"device_group":{"type":"string","description_kind":"plain","optional":true},"enable_sessions_protections":{"type":"bool","description":"Enable sessions protections","description_kind":"plain","computed":true},"icmp":{"type":["list",["object",{"activate_rate":"number","alarm_rate":"number","block_duration":"number","enable":"bool","max_rate":"number"}]],"description":"ICMP flood protection spec","description_kind":"plain","computed":true},"icmpv6":{"type":["list",["object",{"activate_rate":"number","alarm_rate":"number","block_duration":"number","enable":"bool","max_rate":"number"}]],"description":"ICMPv6 flood protection spec","description_kind":"plain","computed":true},"id":{"type":"string","description_kind":"plain","optional":true,"computed":true},"max_concurrent_sessions":{"type":"number","description":"Max concurrent sessions","description_kind":"plain","computed":true},"name":{"type":"string","description":"Security profile name","description_kind":"plain","required":true},"other":{"type":["list",["object",{"activate_rate":"number","alarm_rate":"number","block_duration":"number","enable":"bool","max_rate":"number"}]],"description":"Other IP flood protection spec","description_kind":"plain","computed":true},"syn":{"type":["list",["object",{"action":"string","activate_rate":"number","alarm_rate":"number","block_duration":"number","enable":"bool","max_rate":"number"}]],"description":"SYN flood protection spec","description_kind":"plain","computed":true},"type":{"type":"string","description":"The profile type","description_kind":"plain","computed":true},"udp":{"type":["list",["object",{"activate_rate":"number","alarm_rate":"number","block_duration":"number","enable":"bool","max_rate":"number"}]],"description":"UDP flood protection spec","description_kind":"plain","computed":true},"vsys":{"type":"string","description_kind":"plain","optional":true}},"description_kind":"plain"}},"panos_dos_protection_profiles":{"version":0,"block":{"attributes":{"device_group":{"type":"string","description_kind":"plain","optional":true},"id":{"type":"string","description_kind":"plain","optional":true,"computed":true},"listing":{"type":["list","string"],"description":"Object names","description_kind":"plain","computed":true},"total":{"type":"number","description":"Number of objects present","description_kind":"plain","computed":true},"vsys":{"type":"string","description_kind":"plain","optional":true}},"description_kind":"plain"}},"panos_dynamic_user_group":{"version":0,"block":{"attributes":{"description":{"type":"string","description":"Description","description_kind":"plain","computed":true},"device_group":{"type":"string","description_kind":"plain","optional":true},"filter":{"type":"string","description":"The dynamic user group filter","description_kind":"plain","computed":true},"id":{"type":"string","description_kind":"plain","optional":true,"computed":true},"name":{"type":"string","description":"The object name","description_kind":"plain","required":true},"tags":{"type":["list","string"],"description_kind":"plain","computed":true},"vsys":{"type":"string","description_kind":"plain","optional":true}},"description_kind":"plain"}},"panos_dynamic_user_groups":{"version":0,"block":{"attributes":{"device_group":{"type":"string","description_kind":"plain","optional":true},"id":{"type":"string","description_kind":"plain","optional":true,"computed":true},"listing":{"type":["list","string"],"description":"Object names","description_kind":"plain","computed":true},"total":{"type":"number","description":"Number of objects present","description_kind":"plain","computed":true},"vsys":{"type":"string","description_kind":"plain","optional":true}},"description_kind":"plain"}},"panos_file_blocking_security_profile":{"version":0,"block":{"attributes":{"description":{"type":"string","description":"Description","description_kind":"plain","computed":true},"device_group":{"type":"string","description_kind":"plain","optional":true},"id":{"type":"string","description_kind":"plain","optional":true,"computed":true},"name":{"type":"string","description":"Security profile name","description_kind":"plain","required":true},"rule":{"type":["list",["object",{"action":"string","applications":["list","string"],"direction":"string","file_types":["list","string"],"name":"string"}]],"description":"List of rule specs","description_kind":"plain","computed":true},"vsys":{"type":"string","description_kind":"plain","optional":true}},"description_kind":"plain"}},"panos_file_blocking_security_profiles":{"version":0,"block":{"attributes":{"device_group":{"type":"string","description_kind":"plain","optional":true},"id":{"type":"string","description_kind":"plain","optional":true,"computed":true},"listing":{"type":["list","string"],"description":"Object names","description_kind":"plain","computed":true},"total":{"type":"number","description":"Number of objects present","description_kind":"plain","computed":true},"vsys":{"type":"string","description_kind":"plain","optional":true}},"description_kind":"plain"}},"panos_ip_tag":{"version":0,"block":{"attributes":{"entries":{"type":["list",["object",{"ip":"string","tags":["set","string"]}]],"description":"List of entry specs","description_kind":"plain","computed":true},"id":{"type":"string","description_kind":"plain","optional":true,"computed":true},"ip":{"type":"string","description":"Optionally filter on just this single IP address","description_kind":"plain","optional":true},"tag":{"type":"string","description":"Optionally filter on just this single tag","description_kind":"plain","optional":true},"total":{"type":"number","description":"Total number of entries","description_kind":"plain","computed":true},"vsys":{"type":"string","description_kind":"plain","optional":true}},"description_kind":"plain"}},"panos_ospf":{"version":0,"block":{"attributes":{"allow_redistribute_default_route":{"type":"bool","description":"Allow redistribute default route","description_kind":"plain","computed":true},"bfd_profile":{"type":"string","description":"BFD profile name","description_kind":"plain","computed":true},"enable":{"type":"bool","description":"Enable flag","description_kind":"plain","computed":true},"enable_graceful_restart":{"type":"bool","description":"Enable graceful restart","description_kind":"plain","computed":true},"grace_period":{"type":"number","description":"Grace period","description_kind":"plain","computed":true},"helper_enable":{"type":"bool","description":"Helper enable","description_kind":"plain","computed":true},"id":{"type":"string","description_kind":"plain","optional":true,"computed":true},"lsa_interval":{"type":"number","description":"LSA interval","description_kind":"plain","computed":true},"max_neighbor_restart_time":{"type":"number","description":"Max neighbor restart time","description_kind":"plain","computed":true},"reject_default_route":{"type":"bool","description":"Reject default route","description_kind":"plain","computed":true},"rfc_1583":{"type":"bool","description":"RFC 1583","description_kind":"plain","computed":true},"router_id":{"type":"string","description":"Router ID","description_kind":"plain","computed":true},"spf_calculation_delay":{"type":"number","description":"SPF calculation delay","description_kind":"plain","computed":true},"strict_lsa_checking":{"type":"bool","description":"Strict LSA checking","description_kind":"plain","computed":true},"template":{"type":"string","description_kind":"plain","optional":true},"template_stack":{"type":"string","description_kind":"plain","optional":true},"virtual_router":{"type":"string","description":"The virtual router","description_kind":"plain","required":true}},"description_kind":"plain"}},"panos_ospf_area":{"version":0,"block":{"attributes":{"accept_summary":{"type":"bool","description":"(stub/nssa) Accept summary","description_kind":"plain","computed":true},"advertise_metric":{"type":"number","description":"(stub/nssa) Advertise metric","description_kind":"plain","computed":true},"advertise_type":{"type":"string","description":"(nssa) Advertise type","description_kind":"plain","computed":true},"default_route_advertise":{"type":"bool","description":"(stub/nssa) Default route advertise","description_kind":"plain","computed":true},"ext_range":{"type":["list",["object",{"action":"string","network":"string"}]],"description":"(nssa) List of EXT Range specs","description_kind":"plain","computed":true},"id":{"type":"string","description_kind":"plain","optional":true,"computed":true},"name":{"type":"string","description":"Name","description_kind":"plain","required":true},"range":{"type":["list",["object",{"action":"string","network":"string"}]],"description":"List of range specs","description_kind":"plain","computed":true},"template":{"type":"string","description_kind":"plain","optional":true},"template_stack":{"type":"string","description_kind":"plain","optional":true},"type":{"type":"string","description":"Area type","description_kind":"plain","computed":true},"virtual_router":{"type":"string","description":"The virtual router","description_kind":"plain","required":true}},"description_kind":"plain"}},"panos_ospf_area_interface":{"version":0,"block":{"attributes":{"auth_profile":{"type":"string","description":"Auth profile","description_kind":"plain","computed":true},"bfd_profile":{"type":"string","description":"BFD profile","description_kind":"plain","computed":true},"dead_counts":{"type":"number","description":"Dead counts","description_kind":"plain","computed":true},"enable":{"type":"bool","description":"Enable","description_kind":"plain","computed":true},"grace_restart_delay":{"type":"number","description":"Graceful restart hello delay in seconds","description_kind":"plain","computed":true},"hello_interval":{"type":"number","description":"Hello interval in seconds","description_kind":"plain","computed":true},"id":{"type":"string","description_kind":"plain","optional":true,"computed":true},"link_type":{"type":"string","description":"Link type","description_kind":"plain","computed":true},"metric":{"type":"number","description":"Metric","description_kind":"plain","computed":true},"name":{"type":"string","description":"Name","description_kind":"plain","required":true},"neighbors":{"type":["set","string"],"description":"(p2mp) List of neighbors","description_kind":"plain","computed":true},"ospf_area":{"type":"string","description":"The OSPF area name","description_kind":"plain","required":true},"passive":{"type":"bool","description":"Passive","description_kind":"plain","computed":true},"priority":{"type":"number","description":"Priority","description_kind":"plain","computed":true},"retransmit_interval":{"type":"number","description":"Retransmit interval in seconds","description_kind":"plain","computed":true},"template":{"type":"string","description_kind":"plain","optional":true},"template_stack":{"type":"string","description_kind":"plain","optional":true},"transit_delay":{"type":"number","description":"Transit delay in seconds","description_kind":"plain","computed":true},"virtual_router":{"type":"string","description":"The virtual router","description_kind":"plain","required":true}},"description_kind":"plain"}},"panos_ospf_area_interfaces":{"version":0,"block":{"attributes":{"id":{"type":"string","description_kind":"plain","optional":true,"computed":true},"listing":{"type":["list","string"],"description":"Object names","description_kind":"plain","computed":true},"ospf_area":{"type":"string","description":"The OSPF area name","description_kind":"plain","required":true},"template":{"type":"string","description_kind":"plain","optional":true},"template_stack":{"type":"string","description_kind":"plain","optional":true},"total":{"type":"number","description":"Number of objects present","description_kind":"plain","computed":true},"virtual_router":{"type":"string","description":"The virtual router name","description_kind":"plain","required":true}},"description_kind":"plain"}},"panos_ospf_area_virtual_link":{"version":0,"block":{"attributes":{"auth_profile":{"type":"string","description":"Auth profile","description_kind":"plain","computed":true},"bfd_profile":{"type":"string","description":"BFD profile","description_kind":"plain","computed":true},"dead_counts":{"type":"number","description":"Dead counts","description_kind":"plain","computed":true},"enable":{"type":"bool","description":"Enable","description_kind":"plain","computed":true},"hello_interval":{"type":"number","description":"Hello interval in seconds","description_kind":"plain","computed":true},"id":{"type":"string","description_kind":"plain","optional":true,"computed":true},"name":{"type":"string","description":"Name","description_kind":"plain","required":true},"neighbor_id":{"type":"string","description":"Neighbor ID","description_kind":"plain","computed":true},"ospf_area":{"type":"string","description":"The OSPF area name","description_kind":"plain","required":true},"retransmit_interval":{"type":"number","description":"Retransmit interval in seconds","description_kind":"plain","computed":true},"template":{"type":"string","description_kind":"plain","optional":true},"template_stack":{"type":"string","description_kind":"plain","optional":true},"transit_area_id":{"type":"string","description":"Transit area ID","description_kind":"plain","computed":true},"transit_delay":{"type":"number","description":"Transit delay in seconds","description_kind":"plain","computed":true},"virtual_router":{"type":"string","description":"The virtual router","description_kind":"plain","required":true}},"description_kind":"plain"}},"panos_ospf_area_virtual_links":{"version":0,"block":{"attributes":{"id":{"type":"string","description_kind":"plain","optional":true,"computed":true},"listing":{"type":["list","string"],"description":"Object names","description_kind":"plain","computed":true},"ospf_area":{"type":"string","description":"The OSPF area name","description_kind":"plain","required":true},"template":{"type":"string","description_kind":"plain","optional":true},"template_stack":{"type":"string","description_kind":"plain","optional":true},"total":{"type":"number","description":"Number of objects present","description_kind":"plain","computed":true},"virtual_router":{"type":"string","description":"The virtual router name","description_kind":"plain","required":true}},"description_kind":"plain"}},"panos_ospf_areas":{"version":0,"block":{"attributes":{"id":{"type":"string","description_kind":"plain","optional":true,"computed":true},"listing":{"type":["list","string"],"description":"Object names","description_kind":"plain","computed":true},"template":{"type":"string","description_kind":"plain","optional":true},"template_stack":{"type":"string","description_kind":"plain","optional":true},"total":{"type":"number","description":"Number of objects present","description_kind":"plain","computed":true},"virtual_router":{"type":"string","description":"The virtual router name","description_kind":"plain","required":true}},"description_kind":"plain"}},"panos_ospf_auth_profiles":{"version":0,"block":{"attributes":{"id":{"type":"string","description_kind":"plain","optional":true,"computed":true},"listing":{"type":["list","string"],"description":"Object names","description_kind":"plain","computed":true},"template":{"type":"string","description_kind":"plain","optional":true},"template_stack":{"type":"string","description_kind":"plain","optional":true},"total":{"type":"number","description":"Number of objects present","description_kind":"plain","computed":true},"virtual_router":{"type":"string","description":"The virtual router name","description_kind":"plain","required":true}},"description_kind":"plain"}},"panos_ospf_export":{"version":0,"block":{"attributes":{"id":{"type":"string","description_kind":"plain","optional":true,"computed":true},"metric":{"type":"number","description":"Metric","description_kind":"plain","computed":true},"name":{"type":"string","description":"The export rule name","description_kind":"plain","required":true},"path_type":{"type":"string","description":"Path type","description_kind":"plain","computed":true},"tag":{"type":"string","description":"Tag","description_kind":"plain","computed":true},"template":{"type":"string","description_kind":"plain","optional":true},"template_stack":{"type":"string","description_kind":"plain","optional":true},"virtual_router":{"type":"string","description":"The virtual router","description_kind":"plain","required":true}},"description_kind":"plain"}},"panos_ospf_exports":{"version":0,"block":{"attributes":{"id":{"type":"string","description_kind":"plain","optional":true,"computed":true},"listing":{"type":["list","string"],"description":"Object names","description_kind":"plain","computed":true},"template":{"type":"string","description_kind":"plain","optional":true},"template_stack":{"type":"string","description_kind":"plain","optional":true},"total":{"type":"number","description":"Number of objects present","description_kind":"plain","computed":true},"virtual_router":{"type":"string","description":"The virtual router name","description_kind":"plain","required":true}},"description_kind":"plain"}},"panos_panorama_plugin":{"version":0,"block":{"attributes":{"details":{"type":["list",["object",{"downloaded":"string","installed":"string","name":"string","package_file":"string","platform":"string","release_date":"string","release_note_url":"string","size":"string","version":"string"}]],"description_kind":"plain","computed":true},"id":{"type":"string","description_kind":"plain","optional":true,"computed":true},"installed":{"type":["list","string"],"description_kind":"plain","computed":true},"total":{"type":"number","description_kind":"plain","computed":true}},"description_kind":"plain"}},"panos_plugin":{"version":0,"block":{"attributes":{"details":{"type":["list",["object",{"downloaded":"string","installed":"string","name":"string","package_file":"string","platform":"string","release_date":"string","release_note_url":"string","size":"string","version":"string"}]],"description_kind":"plain","computed":true},"id":{"type":"string","description_kind":"plain","optional":true,"computed":true},"installed":{"type":["list","string"],"description_kind":"plain","computed":true},"total":{"type":"number","description_kind":"plain","computed":true}},"description_kind":"plain"}},"panos_predefined_dlp_file_type":{"version":0,"block":{"attributes":{"file_types":{"type":["list",["object",{"name":"string","properties":["list",["object",{"label":"string","name":"string"}]]}]],"description":"The results","description_kind":"plain","computed":true},"id":{"type":"string","description_kind":"plain","optional":true,"computed":true},"label":{"type":"string","description":"A specific label that you want for the given file type","description_kind":"plain","optional":true},"name":{"type":"string","description":"A specific file type","description_kind":"plain","optional":true},"total":{"type":"number","description":"The total number of file types","description_kind":"plain","computed":true}},"description_kind":"plain"}},"panos_predefined_tdb_file_type":{"version":0,"block":{"attributes":{"data_ident_only":{"type":"bool","description":"Limit results to those with data_ident = true","description_kind":"plain","optional":true},"file_types":{"type":["list",["object",{"data_ident":"bool","file_type_id":"number","file_type_ident":"bool","full_name":"string","name":"string","threat_name":"string"}]],"description":"The results","description_kind":"plain","computed":true},"full_name":{"type":"string","description":"The full name","description_kind":"plain","optional":true},"full_name_regex":{"type":"string","description":"A regex to match against the full name","description_kind":"plain","optional":true},"id":{"type":"string","description_kind":"plain","optional":true,"computed":true},"name":{"type":"string","description":"A specific file type","description_kind":"plain","optional":true},"total":{"type":"number","description":"The number of file types","description_kind":"plain","computed":true}},"description_kind":"plain"}},"panos_predefined_threat":{"version":0,"block":{"attributes":{"id":{"type":"string","description_kind":"plain","optional":true,"computed":true},"name":{"type":"string","description":"A specific threat ID / name","description_kind":"plain","optional":true},"threat_name":{"type":"string","description":"An exact match against the threat name","description_kind":"plain","optional":true},"threat_regex":{"type":"string","description":"A regex to apply to the threat name","description_kind":"plain","optional":true},"threat_type":{"type":"string","description":"The threat type","description_kind":"plain","optional":true},"threats":{"type":["list",["object",{"name":"string","threat_name":"string"}]],"description":"The matched threats","description_kind":"plain","computed":true},"total":{"type":"number","description":"The number of threats matching the given criteria","description_kind":"plain","computed":true}},"block_types":{"timeouts":{"nesting_mode":"single","block":{"attributes":{"read":{"type":"string","description_kind":"plain","optional":true}},"description_kind":"plain"}}},"description_kind":"plain"}},"panos_system_info":{"version":0,"block":{"attributes":{"id":{"type":"string","description_kind":"plain","optional":true,"computed":true},"info":{"type":["map","string"],"description_kind":"plain","computed":true},"version_major":{"type":"number","description_kind":"plain","computed":true},"version_minor":{"type":"number","description_kind":"plain","computed":true},"version_patch":{"type":"number","description_kind":"plain","computed":true}},"description_kind":"plain"}},"panos_url_filtering_security_profile":{"version":0,"block":{"attributes":{"alert_categories":{"type":["list","string"],"description":"List of categories to alert","description_kind":"plain","computed":true},"allow_categories":{"type":["list","string"],"description":"List of categories to allow","description_kind":"plain","computed":true},"allow_list":{"type":["list","string"],"description":"(Removed in PAN-OS 9.0) Allow list","description_kind":"plain","computed":true},"block_categories":{"type":["list","string"],"description":"List of categories to block","description_kind":"plain","computed":true},"block_list":{"type":["list","string"],"description":"(Removed in PAN-OS 9.0) Block list","description_kind":"plain","computed":true},"block_list_action":{"type":"string","description":"(Removed in PAN-OS 9.0) Block list action","description_kind":"plain","computed":true},"continue_categories":{"type":["list","string"],"description":"List of categories to continue","description_kind":"plain","computed":true},"description":{"type":"string","description":"Description","description_kind":"plain","computed":true},"device_group":{"type":"string","description_kind":"plain","optional":true},"dynamic_url":{"type":"bool","description":"(Removed in PAN-OS 9.0) Dynamic URL","description_kind":"plain","computed":true},"expired_license_action":{"type":"bool","description":"(Removed in PAN-OS 9.0) Expired license action","description_kind":"plain","computed":true},"http_header_insertion":{"type":["list",["object",{"domains":["list","string"],"http_header":["list",["object",{"header":"string","log":"bool","name":"string","value":"string"}]],"name":"string","type":"string"}]],"description":"List of http header specs","description_kind":"plain","computed":true},"id":{"type":"string","description_kind":"plain","optional":true,"computed":true},"log_container_page_only":{"type":"bool","description":"Set to true to log container page only","description_kind":"plain","computed":true},"log_http_header_referer":{"type":"bool","description":"HTTP Header Logging: Referer","description_kind":"plain","computed":true},"log_http_header_user_agent":{"type":"bool","description":"HTTP Header Logging: User-Agent","description_kind":"plain","computed":true},"log_http_header_xff":{"type":"bool","description":"HTTP Header Logging: X-Forwarded-For","description_kind":"plain","computed":true},"machine_learning_exceptions":{"type":["list","string"],"description":"(PAN-OS 10.0+) List of machine learning exceptions","description_kind":"plain","computed":true},"machine_learning_model":{"type":["list",["object",{"action":"string","model":"string"}]],"description":"(PAN-OS 10.0+) List of machine learning model specs","description_kind":"plain","computed":true},"name":{"type":"string","description":"Security profile name","description_kind":"plain","required":true},"override_categories":{"type":["list","string"],"description":"List of categories to allow","description_kind":"plain","computed":true},"safe_search_enforcement":{"type":"bool","description":"Set to true for safe search enforcement","description_kind":"plain","computed":true},"track_container_page":{"type":"bool","description":"Set to true to track the container page","description_kind":"plain","computed":true},"ucd_alert_categories":{"type":["list","string"],"description":"(PAN-OS 8.0+) Categories alerted on with user credential submission","description_kind":"plain","computed":true},"ucd_allow_categories":{"type":["list","string"],"description":"(PAN-OS 8.0+) Categories allowed with user credential submission","description_kind":"plain","computed":true},"ucd_block_categories":{"type":["list","string"],"description":"(PAN-OS 8.0+) Categories blocked with user credential submission","description_kind":"plain","computed":true},"ucd_continue_categories":{"type":["list","string"],"description":"(PAN-OS 8.0+) Categories continued with user credential submission","description_kind":"plain","computed":true},"ucd_log_severity":{"type":"string","description":"(PAN-OS 8.0+) User credential detection: valid username detected log severity","description_kind":"plain","computed":true},"ucd_mode":{"type":"string","description":"(PAN-OS 8.0+) User credential detection mode","description_kind":"plain","computed":true},"ucd_mode_group_mapping":{"type":"string","description":"(PAN-OS 8.0+, ucd_mode = group-mapping) User credential detection: the group mapping settings","description_kind":"plain","computed":true},"vsys":{"type":"string","description_kind":"plain","optional":true}},"description_kind":"plain"}},"panos_url_filtering_security_profiles":{"version":0,"block":{"attributes":{"device_group":{"type":"string","description_kind":"plain","optional":true},"id":{"type":"string","description_kind":"plain","optional":true,"computed":true},"listing":{"type":["list","string"],"description":"Object names","description_kind":"plain","computed":true},"total":{"type":"number","description":"Number of objects present","description_kind":"plain","computed":true},"vsys":{"type":"string","description_kind":"plain","optional":true}},"description_kind":"plain"}},"panos_user_tag":{"version":0,"block":{"attributes":{"entries":{"type":["list",["object",{"tags":["set","string"],"user":"string"}]],"description":"List of entry specs","description_kind":"plain","computed":true},"id":{"type":"string","description_kind":"plain","optional":true,"computed":true},"user":{"type":"string","description":"Filter on just this user","description_kind":"plain","optional":true},"vsys":{"type":"string","description_kind":"plain","optional":true}},"description_kind":"plain"}},"panos_vm_auth_key":{"version":0,"block":{"attributes":{"entries":{"type":["list",["object",{"auth_key":"string","expiry":"string","valid":"bool"}]],"description":"List of vm auth key structs","description_kind":"plain","computed":true},"id":{"type":"string","description_kind":"plain","optional":true,"computed":true},"total":{"type":"number","description":"Total number of entries","description_kind":"plain","computed":true}},"description_kind":"plain"}},"panos_vulnerability_security_profile":{"version":0,"block":{"attributes":{"description":{"type":"string","description":"Description","description_kind":"plain","computed":true},"device_group":{"type":"string","description_kind":"plain","optional":true},"exception":{"type":["list",["object",{"action":"string","block_ip_duration":"number","block_ip_track_by":"string","exempt_ips":["list","string"],"name":"string","packet_capture":"string","time_interval":"number","time_threshold":"number","time_track_by":"string"}]],"description":"Exception list spec","description_kind":"plain","computed":true},"id":{"type":"string","description_kind":"plain","optional":true,"computed":true},"name":{"type":"string","description":"Security profile name","description_kind":"plain","required":true},"rule":{"type":["list",["object",{"action":"string","block_ip_duration":"number","block_ip_track_by":"string","category":"string","cves":["set","string"],"host":"string","name":"string","packet_capture":"string","severities":["list","string"],"threat_name":"string","vendor_ids":["set","string"]}]],"description":"Rule list specs","description_kind":"plain","computed":true},"vsys":{"type":"string","description_kind":"plain","optional":true}},"description_kind":"plain"}},"panos_vulnerability_security_profiles":{"version":0,"block":{"attributes":{"device_group":{"type":"string","description_kind":"plain","optional":true},"id":{"type":"string","description_kind":"plain","optional":true,"computed":true},"listing":{"type":["list","string"],"description":"Object names","description_kind":"plain","computed":true},"total":{"type":"number","description":"Number of objects present","description_kind":"plain","computed":true},"vsys":{"type":"string","description_kind":"plain","optional":true}},"description_kind":"plain"}},"panos_wildfire_analysis_security_profile":{"version":0,"block":{"attributes":{"description":{"type":"string","description":"Description","description_kind":"plain","computed":true},"device_group":{"type":"string","description_kind":"plain","optional":true},"id":{"type":"string","description_kind":"plain","optional":true,"computed":true},"name":{"type":"string","description":"Security profile name","description_kind":"plain","required":true},"rule":{"type":["list",["object",{"analysis":"string","applications":["list","string"],"direction":"string","file_types":["list","string"],"name":"string"}]],"description":"List of rule specs","description_kind":"plain","computed":true},"vsys":{"type":"string","description_kind":"plain","optional":true}},"description_kind":"plain"}},"panos_wildfire_analysis_security_profiles":{"version":0,"block":{"attributes":{"device_group":{"type":"string","description_kind":"plain","optional":true},"id":{"type":"string","description_kind":"plain","optional":true,"computed":true},"listing":{"type":["list","string"],"description":"Object names","description_kind":"plain","computed":true},"total":{"type":"number","description":"Number of objects present","description_kind":"plain","computed":true},"vsys":{"type":"string","description_kind":"plain","optional":true}},"description_kind":"plain"}}}}}}
