{"format_version":"0.2","provider_schemas":{"registry.terraform.io/phoenixnap/pnap":{"provider":{"version":0,"block":{"attributes":{"client_id":{"type":"string","description_kind":"plain","optional":true},"client_secret":{"type":"string","description_kind":"plain","optional":true,"sensitive":true},"config_file_path":{"type":"string","description_kind":"plain","optional":true}},"description_kind":"plain"}},"resource_schemas":{"pnap_server":{"version":0,"block":{"attributes":{"action":{"type":"string","description_kind":"plain","optional":true},"cluster_id":{"type":"string","description_kind":"plain","computed":true},"cores_per_cpu":{"type":"number","description_kind":"plain","computed":true},"cpu":{"type":"string","description_kind":"plain","computed":true},"cpu_count":{"type":"number","description_kind":"plain","computed":true},"cpu_frequency_in_ghz":{"type":"number","description_kind":"plain","computed":true},"description":{"type":"string","description_kind":"plain","optional":true},"hostname":{"type":"string","description_kind":"plain","required":true},"id":{"type":"string","description_kind":"plain","optional":true,"computed":true},"install_default_ssh_keys":{"type":"bool","description_kind":"plain","optional":true},"location":{"type":"string","description_kind":"plain","required":true},"management_access_allowed_ips":{"type":["set","string"],"description_kind":"plain","optional":true,"computed":true},"management_ui_url":{"type":"string","description_kind":"plain","computed":true},"network_type":{"type":"string","description_kind":"plain","optional":true,"computed":true},"os":{"type":"string","description_kind":"plain","required":true},"password":{"type":"string","description_kind":"plain","computed":true,"sensitive":true},"pricing_model":{"type":"string","description_kind":"plain","optional":true,"computed":true},"private_ip_addresses":{"type":["set","string"],"description_kind":"plain","computed":true},"provisioned_on":{"type":"string","description_kind":"plain","computed":true},"public_ip_addresses":{"type":["set","string"],"description_kind":"plain","computed":true},"ram":{"type":"string","description_kind":"plain","computed":true},"rdp_allowed_ips":{"type":["set","string"],"description_kind":"plain","optional":true,"computed":true},"reservation_id":{"type":"string","description_kind":"plain","optional":true,"computed":true},"root_password":{"type":"string","description_kind":"plain","computed":true},"ssh_key_ids":{"type":["set","string"],"description_kind":"plain","optional":true},"ssh_keys":{"type":["set","string"],"description_kind":"plain","optional":true},"status":{"type":"string","description_kind":"plain","computed":true},"storage":{"type":"string","description_kind":"plain","computed":true},"type":{"type":"string","description_kind":"plain","required":true}},"block_types":{"timeouts":{"nesting_mode":"single","block":{"attributes":{"create":{"type":"string","description_kind":"plain","optional":true},"delete":{"type":"string","description_kind":"plain","optional":true},"update":{"type":"string","description_kind":"plain","optional":true}},"description_kind":"plain"}}},"description_kind":"plain"}},"pnap_ssh_key":{"version":0,"block":{"attributes":{"created_on":{"type":"string","description_kind":"plain","computed":true},"default":{"type":"bool","description_kind":"plain","required":true},"fingerprint":{"type":"string","description_kind":"plain","computed":true},"id":{"type":"string","description_kind":"plain","optional":true,"computed":true},"key":{"type":"string","description_kind":"plain","required":true},"last_updated_on":{"type":"string","description_kind":"plain","computed":true},"name":{"type":"string","description_kind":"plain","required":true}},"block_types":{"timeouts":{"nesting_mode":"single","block":{"attributes":{"create":{"type":"string","description_kind":"plain","optional":true},"delete":{"type":"string","description_kind":"plain","optional":true},"update":{"type":"string","description_kind":"plain","optional":true}},"description_kind":"plain"}}},"description_kind":"plain"}}}}}}
