{"format_version":"0.2","provider_schemas":{"registry.terraform.io/purestorage-openconnect/cbs":{"provider":{"version":0,"block":{"block_types":{"aws":{"nesting_mode":"list","block":{"attributes":{"region":{"type":"string","description_kind":"plain","optional":true}},"description_kind":"plain"},"max_items":1},"azure":{"nesting_mode":"list","block":{"attributes":{"client_id":{"type":"string","description":"The Client ID which should be used for service principal authentication.","description_kind":"plain","optional":true},"client_secret":{"type":"string","description":"The Client Secret which should be used. For use When authenticating as a Service Principal using a Client Secret.","description_kind":"plain","optional":true},"subscription_id":{"type":"string","description":"The Subscription ID which should be used.","description_kind":"plain","optional":true},"tenant_id":{"type":"string","description":"The Tenant ID which should be used for service principal authentication.","description_kind":"plain","optional":true}},"description_kind":"plain"},"max_items":1}},"description_kind":"plain"}},"resource_schemas":{"cbs_array_aws":{"version":0,"block":{"attributes":{"alert_recipients":{"type":["list","string"],"description_kind":"plain","optional":true},"array_model":{"type":"string","description_kind":"plain","required":true},"array_name":{"type":"string","description_kind":"plain","required":true},"deployment_role_arn":{"type":"string","description_kind":"plain","required":true},"deployment_template_url":{"type":"string","description_kind":"plain","required":true},"gui_endpoint":{"type":"string","description_kind":"plain","computed":true},"id":{"type":"string","description_kind":"plain","optional":true,"computed":true},"iscsi_endpoint_ct0":{"type":"string","description_kind":"plain","computed":true},"iscsi_endpoint_ct1":{"type":"string","description_kind":"plain","computed":true},"iscsi_security_group":{"type":"string","description_kind":"plain","required":true},"iscsi_subnet":{"type":"string","description_kind":"plain","required":true},"license_key":{"type":"string","description_kind":"plain","required":true},"log_sender_domain":{"type":"string","description_kind":"plain","required":true},"management_endpoint":{"type":"string","description_kind":"plain","computed":true},"management_security_group":{"type":"string","description_kind":"plain","required":true},"management_subnet":{"type":"string","description_kind":"plain","required":true},"pureuser_key_pair_name":{"type":"string","description_kind":"plain","required":true},"replication_endpoint_ct0":{"type":"string","description_kind":"plain","computed":true},"replication_endpoint_ct1":{"type":"string","description_kind":"plain","computed":true},"replication_security_group":{"type":"string","description_kind":"plain","required":true},"replication_subnet":{"type":"string","description_kind":"plain","required":true},"resume_lambda":{"type":"string","description_kind":"plain","computed":true},"stack_name":{"type":"string","description_kind":"plain","computed":true},"system_subnet":{"type":"string","description_kind":"plain","required":true},"tags":{"type":["map","string"],"description_kind":"plain","optional":true}},"block_types":{"timeouts":{"nesting_mode":"single","block":{"attributes":{"create":{"type":"string","description_kind":"plain","optional":true},"delete":{"type":"string","description_kind":"plain","optional":true},"read":{"type":"string","description_kind":"plain","optional":true}},"description_kind":"plain"}}},"description_kind":"plain"}},"cbs_array_azure":{"version":0,"block":{"attributes":{"alert_recipients":{"type":["list","string"],"description_kind":"plain","optional":true},"application_name":{"type":"string","description_kind":"plain","computed":true},"array_model":{"type":"string","description_kind":"plain","required":true},"array_name":{"type":"string","description_kind":"plain","required":true},"ct0_name":{"type":"string","description_kind":"plain","computed":true},"ct1_name":{"type":"string","description_kind":"plain","computed":true},"id":{"type":"string","description_kind":"plain","optional":true,"computed":true},"iscsi_endpoint_ct0":{"type":"string","description_kind":"plain","computed":true},"iscsi_endpoint_ct1":{"type":"string","description_kind":"plain","computed":true},"iscsi_subnet":{"type":"string","description_kind":"plain","required":true},"key_vault_id":{"type":"string","description_kind":"plain","required":true},"license_key":{"type":"string","description_kind":"plain","required":true},"location":{"type":"string","description_kind":"plain","required":true},"log_sender_domain":{"type":"string","description_kind":"plain","required":true},"managed_resource_group_name":{"type":"string","description_kind":"plain","computed":true},"management_endpoint":{"type":"string","description_kind":"plain","computed":true},"management_endpoint_ct0":{"type":"string","description_kind":"plain","computed":true},"management_endpoint_ct1":{"type":"string","description_kind":"plain","computed":true},"management_subnet":{"type":"string","description_kind":"plain","required":true},"pureuser_private_key":{"type":"string","description_kind":"plain","optional":true,"sensitive":true},"pureuser_private_key_path":{"type":"string","description_kind":"plain","optional":true},"replication_endpoint_ct0":{"type":"string","description_kind":"plain","computed":true},"replication_endpoint_ct1":{"type":"string","description_kind":"plain","computed":true},"replication_subnet":{"type":"string","description_kind":"plain","required":true},"resource_group_name":{"type":"string","description_kind":"plain","required":true},"system_subnet":{"type":"string","description_kind":"plain","required":true},"tags":{"type":["map","string"],"description_kind":"plain","optional":true},"virtual_network_id":{"type":"string","description_kind":"plain","required":true},"zone":{"type":"number","description_kind":"plain","required":true}},"block_types":{"jit_approval":{"nesting_mode":"list","block":{"attributes":{"activation_maximum_duration":{"type":"string","description_kind":"plain","optional":true}},"block_types":{"approvers":{"nesting_mode":"list","block":{"attributes":{"groups":{"type":["list","string"],"description_kind":"plain","required":true}},"description_kind":"plain"},"min_items":1,"max_items":1}},"description_kind":"plain"},"min_items":1,"max_items":1},"plan":{"nesting_mode":"list","block":{"attributes":{"name":{"type":"string","description_kind":"plain","required":true},"product":{"type":"string","description_kind":"plain","required":true},"publisher":{"type":"string","description_kind":"plain","required":true},"version":{"type":"string","description_kind":"plain","required":true}},"description_kind":"plain"},"max_items":1},"timeouts":{"nesting_mode":"single","block":{"attributes":{"create":{"type":"string","description_kind":"plain","optional":true},"delete":{"type":"string","description_kind":"plain","optional":true},"read":{"type":"string","description_kind":"plain","optional":true}},"description_kind":"plain"}}},"description_kind":"plain"}}}}}}
