{"format_version":"0.2","provider_schemas":{"registry.terraform.io/rancher/rancher2":{"provider":{"version":0,"block":{"attributes":{"access_key":{"type":"string","description":"API Key used to authenticate with the rancher server","description_kind":"plain","optional":true,"sensitive":true},"api_url":{"type":"string","description":"The URL to the rancher API","description_kind":"plain","optional":true},"bootstrap":{"type":"bool","description":"Bootstrap rancher server","description_kind":"plain","optional":true},"ca_certs":{"type":"string","description":"CA certificates used to sign rancher server tls certificates. Mandatory if self signed tls and insecure option false","description_kind":"plain","optional":true},"insecure":{"type":"bool","description":"Allow insecure connections to Rancher. Mandatory if self signed tls and not ca_certs provided","description_kind":"plain","optional":true},"retries":{"type":"number","description":"Rancher connection retries","description_kind":"plain","optional":true},"secret_key":{"type":"string","description":"API secret used to authenticate with the rancher server","description_kind":"plain","optional":true,"sensitive":true},"token_key":{"type":"string","description":"API token used to authenticate with the rancher server","description_kind":"plain","optional":true,"sensitive":true}},"description_kind":"plain"}},"resource_schemas":{"rancher2_app":{"version":0,"block":{"attributes":{"annotations":{"type":["map","string"],"description":"Annotations of the resource","description_kind":"plain","optional":true,"computed":true},"answers":{"type":["map","string"],"description":"Answers of the app","description_kind":"plain","optional":true},"catalog_name":{"type":"string","description":"Catalog name of the app","description_kind":"plain","required":true},"description":{"type":"string","description_kind":"plain","optional":true,"computed":true},"external_id":{"type":"string","description":"External ID of the app","description_kind":"plain","computed":true},"force_upgrade":{"type":"bool","description":"Force app upgrade","description_kind":"plain","optional":true},"id":{"type":"string","description_kind":"plain","optional":true,"computed":true},"labels":{"type":["map","string"],"description":"Labels of the resource","description_kind":"plain","optional":true,"computed":true},"name":{"type":"string","description":"Name of the app","description_kind":"plain","required":true},"project_id":{"type":"string","description":"Project ID to add app","description_kind":"plain","required":true},"revision_id":{"type":"string","description":"App revision id","description_kind":"plain","optional":true,"computed":true},"target_namespace":{"type":"string","description":"Namespace name to add app","description_kind":"plain","required":true},"template_name":{"type":"string","description":"Template name of the app","description_kind":"plain","required":true},"template_version":{"type":"string","description":"Template version of the app","description_kind":"plain","optional":true,"computed":true},"values_yaml":{"type":"string","description":"values.yaml base64 encoded file content of the app","description_kind":"plain","optional":true}},"block_types":{"timeouts":{"nesting_mode":"single","block":{"attributes":{"create":{"type":"string","description_kind":"plain","optional":true},"delete":{"type":"string","description_kind":"plain","optional":true},"update":{"type":"string","description_kind":"plain","optional":true}},"description_kind":"plain"}}},"description_kind":"plain"}},"rancher2_auth_config_activedirectory":{"version":0,"block":{"attributes":{"access_mode":{"type":"string","description_kind":"plain","optional":true},"allowed_principal_ids":{"type":["list","string"],"description_kind":"plain","optional":true},"annotations":{"type":["map","string"],"description":"Annotations of the resource","description_kind":"plain","optional":true,"computed":true},"certificate":{"type":"string","description_kind":"plain","optional":true,"sensitive":true},"connection_timeout":{"type":"number","description_kind":"plain","optional":true},"default_login_domain":{"type":"string","description_kind":"plain","optional":true},"enabled":{"type":"bool","description_kind":"plain","optional":true},"group_dn_attribute":{"type":"string","description_kind":"plain","optional":true,"computed":true},"group_member_mapping_attribute":{"type":"string","description_kind":"plain","optional":true,"computed":true},"group_member_user_attribute":{"type":"string","description_kind":"plain","optional":true,"computed":true},"group_name_attribute":{"type":"string","description_kind":"plain","optional":true,"computed":true},"group_object_class":{"type":"string","description_kind":"plain","optional":true,"computed":true},"group_search_attribute":{"type":"string","description_kind":"plain","optional":true,"computed":true},"group_search_base":{"type":"string","description_kind":"plain","optional":true,"computed":true},"group_search_filter":{"type":"string","description_kind":"plain","optional":true,"computed":true},"id":{"type":"string","description_kind":"plain","optional":true,"computed":true},"labels":{"type":["map","string"],"description":"Labels of the resource","description_kind":"plain","optional":true,"computed":true},"name":{"type":"string","description_kind":"plain","computed":true},"nested_group_membership_enabled":{"type":"bool","description_kind":"plain","optional":true,"computed":true},"port":{"type":"number","description_kind":"plain","optional":true},"servers":{"type":["list","string"],"description_kind":"plain","required":true},"service_account_password":{"type":"string","description_kind":"plain","required":true,"sensitive":true},"service_account_username":{"type":"string","description_kind":"plain","required":true,"sensitive":true},"tls":{"type":"bool","description_kind":"plain","optional":true,"computed":true},"type":{"type":"string","description_kind":"plain","computed":true},"user_disabled_bit_mask":{"type":"number","description_kind":"plain","optional":true},"user_enabled_attribute":{"type":"string","description_kind":"plain","optional":true,"computed":true},"user_login_attribute":{"type":"string","description_kind":"plain","optional":true,"computed":true},"user_name_attribute":{"type":"string","description_kind":"plain","optional":true,"computed":true},"user_object_class":{"type":"string","description_kind":"plain","optional":true,"computed":true},"user_search_attribute":{"type":"string","description_kind":"plain","optional":true,"computed":true},"user_search_base":{"type":"string","description_kind":"plain","required":true},"user_search_filter":{"type":"string","description_kind":"plain","optional":true,"computed":true}},"description_kind":"plain"}},"rancher2_auth_config_adfs":{"version":0,"block":{"attributes":{"access_mode":{"type":"string","description_kind":"plain","optional":true},"allowed_principal_ids":{"type":["list","string"],"description_kind":"plain","optional":true},"annotations":{"type":["map","string"],"description":"Annotations of the resource","description_kind":"plain","optional":true,"computed":true},"display_name_field":{"type":"string","description_kind":"plain","required":true},"enabled":{"type":"bool","description_kind":"plain","optional":true},"groups_field":{"type":"string","description_kind":"plain","required":true},"id":{"type":"string","description_kind":"plain","optional":true,"computed":true},"idp_metadata_content":{"type":"string","description_kind":"plain","required":true,"sensitive":true},"labels":{"type":["map","string"],"description":"Labels of the resource","description_kind":"plain","optional":true,"computed":true},"name":{"type":"string","description_kind":"plain","computed":true},"rancher_api_host":{"type":"string","description_kind":"plain","required":true},"sp_cert":{"type":"string","description_kind":"plain","required":true,"sensitive":true},"sp_key":{"type":"string","description_kind":"plain","required":true,"sensitive":true},"type":{"type":"string","description_kind":"plain","computed":true},"uid_field":{"type":"string","description_kind":"plain","required":true},"user_name_field":{"type":"string","description_kind":"plain","required":true}},"description_kind":"plain"}},"rancher2_auth_config_azuread":{"version":0,"block":{"attributes":{"access_mode":{"type":"string","description_kind":"plain","optional":true},"allowed_principal_ids":{"type":["list","string"],"description_kind":"plain","optional":true},"annotations":{"type":["map","string"],"description":"Annotations of the resource","description_kind":"plain","optional":true,"computed":true},"application_id":{"type":"string","description_kind":"plain","required":true,"sensitive":true},"application_secret":{"type":"string","description_kind":"plain","required":true,"sensitive":true},"auth_endpoint":{"type":"string","description_kind":"plain","required":true},"enabled":{"type":"bool","description_kind":"plain","optional":true},"endpoint":{"type":"string","description_kind":"plain","optional":true},"graph_endpoint":{"type":"string","description_kind":"plain","required":true},"id":{"type":"string","description_kind":"plain","optional":true,"computed":true},"labels":{"type":["map","string"],"description":"Labels of the resource","description_kind":"plain","optional":true,"computed":true},"name":{"type":"string","description_kind":"plain","computed":true},"rancher_url":{"type":"string","description_kind":"plain","required":true},"tenant_id":{"type":"string","description_kind":"plain","required":true},"token_endpoint":{"type":"string","description_kind":"plain","required":true},"type":{"type":"string","description_kind":"plain","computed":true}},"description_kind":"plain"}},"rancher2_auth_config_freeipa":{"version":0,"block":{"attributes":{"access_mode":{"type":"string","description_kind":"plain","optional":true},"allowed_principal_ids":{"type":["list","string"],"description_kind":"plain","optional":true},"annotations":{"type":["map","string"],"description":"Annotations of the resource","description_kind":"plain","optional":true,"computed":true},"certificate":{"type":"string","description_kind":"plain","optional":true,"sensitive":true},"connection_timeout":{"type":"number","description_kind":"plain","optional":true},"enabled":{"type":"bool","description_kind":"plain","optional":true},"group_dn_attribute":{"type":"string","description_kind":"plain","optional":true,"computed":true},"group_member_mapping_attribute":{"type":"string","description_kind":"plain","optional":true,"computed":true},"group_member_user_attribute":{"type":"string","description_kind":"plain","optional":true,"computed":true},"group_name_attribute":{"type":"string","description_kind":"plain","optional":true,"computed":true},"group_object_class":{"type":"string","description_kind":"plain","optional":true,"computed":true},"group_search_attribute":{"type":"string","description_kind":"plain","optional":true,"computed":true},"group_search_base":{"type":"string","description_kind":"plain","optional":true,"computed":true},"id":{"type":"string","description_kind":"plain","optional":true,"computed":true},"labels":{"type":["map","string"],"description":"Labels of the resource","description_kind":"plain","optional":true,"computed":true},"name":{"type":"string","description_kind":"plain","computed":true},"nested_group_membership_enabled":{"type":"bool","description_kind":"plain","optional":true,"computed":true},"port":{"type":"number","description_kind":"plain","optional":true},"servers":{"type":["list","string"],"description_kind":"plain","required":true},"service_account_distinguished_name":{"type":"string","description_kind":"plain","required":true,"sensitive":true},"service_account_password":{"type":"string","description_kind":"plain","required":true,"sensitive":true},"tls":{"type":"bool","description_kind":"plain","optional":true,"computed":true},"type":{"type":"string","description_kind":"plain","computed":true},"user_disabled_bit_mask":{"type":"number","description_kind":"plain","optional":true,"computed":true},"user_enabled_attribute":{"type":"string","description_kind":"plain","optional":true,"computed":true},"user_login_attribute":{"type":"string","description_kind":"plain","optional":true,"computed":true},"user_member_attribute":{"type":"string","description_kind":"plain","optional":true,"computed":true},"user_name_attribute":{"type":"string","description_kind":"plain","optional":true,"computed":true},"user_object_class":{"type":"string","description_kind":"plain","optional":true,"computed":true},"user_search_attribute":{"type":"string","description_kind":"plain","optional":true,"computed":true},"user_search_base":{"type":"string","description_kind":"plain","required":true}},"description_kind":"plain"}},"rancher2_auth_config_github":{"version":0,"block":{"attributes":{"access_mode":{"type":"string","description_kind":"plain","optional":true},"allowed_principal_ids":{"type":["list","string"],"description_kind":"plain","optional":true},"annotations":{"type":["map","string"],"description":"Annotations of the resource","description_kind":"plain","optional":true,"computed":true},"client_id":{"type":"string","description_kind":"plain","required":true,"sensitive":true},"client_secret":{"type":"string","description_kind":"plain","required":true,"sensitive":true},"enabled":{"type":"bool","description_kind":"plain","optional":true},"hostname":{"type":"string","description_kind":"plain","optional":true},"id":{"type":"string","description_kind":"plain","optional":true,"computed":true},"labels":{"type":["map","string"],"description":"Labels of the resource","description_kind":"plain","optional":true,"computed":true},"name":{"type":"string","description_kind":"plain","computed":true},"tls":{"type":"bool","description_kind":"plain","optional":true},"type":{"type":"string","description_kind":"plain","computed":true}},"description_kind":"plain"}},"rancher2_auth_config_keycloak":{"version":0,"block":{"attributes":{"access_mode":{"type":"string","description_kind":"plain","optional":true},"allowed_principal_ids":{"type":["list","string"],"description_kind":"plain","optional":true},"annotations":{"type":["map","string"],"description":"Annotations of the resource","description_kind":"plain","optional":true,"computed":true},"display_name_field":{"type":"string","description_kind":"plain","required":true},"enabled":{"type":"bool","description_kind":"plain","optional":true},"groups_field":{"type":"string","description_kind":"plain","required":true},"id":{"type":"string","description_kind":"plain","optional":true,"computed":true},"idp_metadata_content":{"type":"string","description_kind":"plain","required":true,"sensitive":true},"labels":{"type":["map","string"],"description":"Labels of the resource","description_kind":"plain","optional":true,"computed":true},"name":{"type":"string","description_kind":"plain","computed":true},"rancher_api_host":{"type":"string","description_kind":"plain","required":true},"sp_cert":{"type":"string","description_kind":"plain","required":true,"sensitive":true},"sp_key":{"type":"string","description_kind":"plain","required":true,"sensitive":true},"type":{"type":"string","description_kind":"plain","computed":true},"uid_field":{"type":"string","description_kind":"plain","required":true},"user_name_field":{"type":"string","description_kind":"plain","required":true}},"description_kind":"plain"}},"rancher2_auth_config_okta":{"version":0,"block":{"attributes":{"access_mode":{"type":"string","description_kind":"plain","optional":true},"allowed_principal_ids":{"type":["list","string"],"description_kind":"plain","optional":true},"annotations":{"type":["map","string"],"description":"Annotations of the resource","description_kind":"plain","optional":true,"computed":true},"display_name_field":{"type":"string","description_kind":"plain","required":true},"enabled":{"type":"bool","description_kind":"plain","optional":true},"groups_field":{"type":"string","description_kind":"plain","required":true},"id":{"type":"string","description_kind":"plain","optional":true,"computed":true},"idp_metadata_content":{"type":"string","description_kind":"plain","required":true,"sensitive":true},"labels":{"type":["map","string"],"description":"Labels of the resource","description_kind":"plain","optional":true,"computed":true},"name":{"type":"string","description_kind":"plain","computed":true},"rancher_api_host":{"type":"string","description_kind":"plain","required":true},"sp_cert":{"type":"string","description_kind":"plain","required":true,"sensitive":true},"sp_key":{"type":"string","description_kind":"plain","required":true,"sensitive":true},"type":{"type":"string","description_kind":"plain","computed":true},"uid_field":{"type":"string","description_kind":"plain","required":true},"user_name_field":{"type":"string","description_kind":"plain","required":true}},"description_kind":"plain"}},"rancher2_auth_config_openldap":{"version":0,"block":{"attributes":{"access_mode":{"type":"string","description_kind":"plain","optional":true},"allowed_principal_ids":{"type":["list","string"],"description_kind":"plain","optional":true},"annotations":{"type":["map","string"],"description":"Annotations of the resource","description_kind":"plain","optional":true,"computed":true},"certificate":{"type":"string","description_kind":"plain","optional":true,"sensitive":true},"connection_timeout":{"type":"number","description_kind":"plain","optional":true},"enabled":{"type":"bool","description_kind":"plain","optional":true},"group_dn_attribute":{"type":"string","description_kind":"plain","optional":true,"computed":true},"group_member_mapping_attribute":{"type":"string","description_kind":"plain","optional":true,"computed":true},"group_member_user_attribute":{"type":"string","description_kind":"plain","optional":true,"computed":true},"group_name_attribute":{"type":"string","description_kind":"plain","optional":true,"computed":true},"group_object_class":{"type":"string","description_kind":"plain","optional":true,"computed":true},"group_search_attribute":{"type":"string","description_kind":"plain","optional":true,"computed":true},"group_search_base":{"type":"string","description_kind":"plain","optional":true,"computed":true},"id":{"type":"string","description_kind":"plain","optional":true,"computed":true},"labels":{"type":["map","string"],"description":"Labels of the resource","description_kind":"plain","optional":true,"computed":true},"name":{"type":"string","description_kind":"plain","computed":true},"nested_group_membership_enabled":{"type":"bool","description_kind":"plain","optional":true,"computed":true},"port":{"type":"number","description_kind":"plain","optional":true},"servers":{"type":["list","string"],"description_kind":"plain","required":true},"service_account_distinguished_name":{"type":"string","description_kind":"plain","required":true,"sensitive":true},"service_account_password":{"type":"string","description_kind":"plain","required":true,"sensitive":true},"tls":{"type":"bool","description_kind":"plain","optional":true,"computed":true},"type":{"type":"string","description_kind":"plain","computed":true},"user_disabled_bit_mask":{"type":"number","description_kind":"plain","optional":true,"computed":true},"user_enabled_attribute":{"type":"string","description_kind":"plain","optional":true,"computed":true},"user_login_attribute":{"type":"string","description_kind":"plain","optional":true,"computed":true},"user_member_attribute":{"type":"string","description_kind":"plain","optional":true,"computed":true},"user_name_attribute":{"type":"string","description_kind":"plain","optional":true,"computed":true},"user_object_class":{"type":"string","description_kind":"plain","optional":true,"computed":true},"user_search_attribute":{"type":"string","description_kind":"plain","optional":true,"computed":true},"user_search_base":{"type":"string","description_kind":"plain","required":true}},"description_kind":"plain"}},"rancher2_auth_config_ping":{"version":0,"block":{"attributes":{"access_mode":{"type":"string","description_kind":"plain","optional":true},"allowed_principal_ids":{"type":["list","string"],"description_kind":"plain","optional":true},"annotations":{"type":["map","string"],"description":"Annotations of the resource","description_kind":"plain","optional":true,"computed":true},"display_name_field":{"type":"string","description_kind":"plain","required":true},"enabled":{"type":"bool","description_kind":"plain","optional":true},"groups_field":{"type":"string","description_kind":"plain","required":true},"id":{"type":"string","description_kind":"plain","optional":true,"computed":true},"idp_metadata_content":{"type":"string","description_kind":"plain","required":true,"sensitive":true},"labels":{"type":["map","string"],"description":"Labels of the resource","description_kind":"plain","optional":true,"computed":true},"name":{"type":"string","description_kind":"plain","computed":true},"rancher_api_host":{"type":"string","description_kind":"plain","required":true},"sp_cert":{"type":"string","description_kind":"plain","required":true,"sensitive":true},"sp_key":{"type":"string","description_kind":"plain","required":true,"sensitive":true},"type":{"type":"string","description_kind":"plain","computed":true},"uid_field":{"type":"string","description_kind":"plain","required":true},"user_name_field":{"type":"string","description_kind":"plain","required":true}},"description_kind":"plain"}},"rancher2_bootstrap":{"version":0,"block":{"attributes":{"current_password":{"type":"string","description_kind":"plain","optional":true,"computed":true,"sensitive":true},"id":{"type":"string","description_kind":"plain","optional":true,"computed":true},"password":{"type":"string","description_kind":"plain","optional":true,"computed":true,"sensitive":true},"telemetry":{"type":"bool","description_kind":"plain","optional":true},"temp_token":{"type":"string","description_kind":"plain","computed":true,"sensitive":true},"temp_token_id":{"type":"string","description_kind":"plain","computed":true},"token":{"type":"string","description_kind":"plain","computed":true,"sensitive":true},"token_id":{"type":"string","description_kind":"plain","computed":true},"token_ttl":{"type":"number","description_kind":"plain","optional":true},"token_update":{"type":"bool","description_kind":"plain","optional":true},"url":{"type":"string","description_kind":"plain","computed":true},"user":{"type":"string","description_kind":"plain","computed":true}},"description_kind":"plain"}},"rancher2_catalog":{"version":0,"block":{"attributes":{"annotations":{"type":["map","string"],"description":"Annotations of the resource","description_kind":"plain","optional":true,"computed":true},"branch":{"type":"string","description_kind":"plain","optional":true},"cluster_id":{"type":"string","description_kind":"plain","optional":true},"description":{"type":"string","description_kind":"plain","optional":true},"id":{"type":"string","description_kind":"plain","optional":true,"computed":true},"kind":{"type":"string","description_kind":"plain","optional":true},"labels":{"type":["map","string"],"description":"Labels of the resource","description_kind":"plain","optional":true,"computed":true},"name":{"type":"string","description_kind":"plain","required":true},"password":{"type":"string","description_kind":"plain","optional":true,"sensitive":true},"project_id":{"type":"string","description_kind":"plain","optional":true},"refresh":{"type":"bool","description_kind":"plain","optional":true},"scope":{"type":"string","description_kind":"plain","optional":true},"url":{"type":"string","description_kind":"plain","required":true},"username":{"type":"string","description_kind":"plain","optional":true,"sensitive":true},"version":{"type":"string","description_kind":"plain","optional":true,"computed":true}},"block_types":{"timeouts":{"nesting_mode":"single","block":{"attributes":{"create":{"type":"string","description_kind":"plain","optional":true},"delete":{"type":"string","description_kind":"plain","optional":true},"update":{"type":"string","description_kind":"plain","optional":true}},"description_kind":"plain"}}},"description_kind":"plain"}},"rancher2_certificate":{"version":0,"block":{"attributes":{"annotations":{"type":["map","string"],"description":"Annotations of the resource","description_kind":"plain","optional":true,"computed":true},"certs":{"type":"string","description":"Certificate certs base64 encoded","description_kind":"plain","required":true},"description":{"type":"string","description":"Certificate description","description_kind":"plain","optional":true},"id":{"type":"string","description_kind":"plain","optional":true,"computed":true},"key":{"type":"string","description":"Certificate key base64 encoded","description_kind":"plain","required":true,"sensitive":true},"labels":{"type":["map","string"],"description":"Labels of the resource","description_kind":"plain","optional":true,"computed":true},"name":{"type":"string","description":"Certificate name","description_kind":"plain","optional":true},"namespace_id":{"type":"string","description":"Namespace ID to add certificate","description_kind":"plain","optional":true},"project_id":{"type":"string","description":"Project ID to add certificate","description_kind":"plain","required":true}},"block_types":{"timeouts":{"nesting_mode":"single","block":{"attributes":{"create":{"type":"string","description_kind":"plain","optional":true},"delete":{"type":"string","description_kind":"plain","optional":true},"update":{"type":"string","description_kind":"plain","optional":true}},"description_kind":"plain"}}},"description_kind":"plain"}},"rancher2_cloud_credential":{"version":0,"block":{"attributes":{"annotations":{"type":["map","string"],"description":"Annotations of the resource","description_kind":"plain","optional":true,"computed":true},"description":{"type":"string","description_kind":"plain","optional":true},"driver":{"type":"string","description_kind":"plain","computed":true},"id":{"type":"string","description_kind":"plain","optional":true,"computed":true},"labels":{"type":["map","string"],"description":"Labels of the resource","description_kind":"plain","optional":true,"computed":true},"name":{"type":"string","description_kind":"plain","required":true}},"block_types":{"amazonec2_credential_config":{"nesting_mode":"list","block":{"attributes":{"access_key":{"type":"string","description":"AWS Access Key","description_kind":"plain","required":true,"sensitive":true},"secret_key":{"type":"string","description":"AWS Secret Key","description_kind":"plain","required":true,"sensitive":true}},"description_kind":"plain"},"max_items":1},"azure_credential_config":{"nesting_mode":"list","block":{"attributes":{"client_id":{"type":"string","description":"Azure Service Principal Account ID","description_kind":"plain","required":true,"sensitive":true},"client_secret":{"type":"string","description":"Azure Service Principal Account password","description_kind":"plain","required":true,"sensitive":true},"subscription_id":{"type":"string","description":"Azure Subscription ID","description_kind":"plain","required":true,"sensitive":true}},"description_kind":"plain"},"max_items":1},"digitalocean_credential_config":{"nesting_mode":"list","block":{"attributes":{"access_token":{"type":"string","description":"Digital Ocean access token","description_kind":"plain","required":true,"sensitive":true}},"description_kind":"plain"},"max_items":1},"linode_credential_config":{"nesting_mode":"list","block":{"attributes":{"token":{"type":"string","description":"Linode API token","description_kind":"plain","required":true,"sensitive":true}},"description_kind":"plain"},"max_items":1},"openstack_credential_config":{"nesting_mode":"list","block":{"attributes":{"password":{"type":"string","description":"OpenStack password","description_kind":"plain","required":true,"sensitive":true}},"description_kind":"plain"},"max_items":1},"timeouts":{"nesting_mode":"single","block":{"attributes":{"create":{"type":"string","description_kind":"plain","optional":true},"delete":{"type":"string","description_kind":"plain","optional":true},"update":{"type":"string","description_kind":"plain","optional":true}},"description_kind":"plain"}},"vsphere_credential_config":{"nesting_mode":"list","block":{"attributes":{"password":{"type":"string","description":"vSphere password","description_kind":"plain","required":true,"sensitive":true},"username":{"type":"string","description":"vSphere username","description_kind":"plain","required":true},"vcenter":{"type":"string","description":"vSphere IP/hostname for vCenter","description_kind":"plain","required":true},"vcenter_port":{"type":"string","description":"vSphere Port for vCenter","description_kind":"plain","optional":true}},"description_kind":"plain"},"max_items":1}},"description_kind":"plain"}},"rancher2_cluster":{"version":0,"block":{"attributes":{"annotations":{"type":["map","string"],"description":"Annotations of the resource","description_kind":"plain","optional":true,"computed":true},"cluster_registration_token":{"type":["list",["object",{"annotations":["map","string"],"cluster_id":"string","command":"string","id":"string","insecure_command":"string","labels":["map","string"],"manifest_url":"string","name":"string","node_command":"string","token":"string","windows_node_command":"string"}]],"description_kind":"plain","computed":true},"cluster_template_id":{"type":"string","description":"Cluster template ID","description_kind":"plain","optional":true},"cluster_template_revision_id":{"type":"string","description":"Cluster template revision ID","description_kind":"plain","optional":true},"default_pod_security_policy_template_id":{"type":"string","description":"Default pod security policy template id","description_kind":"plain","optional":true,"computed":true},"default_project_id":{"type":"string","description_kind":"plain","computed":true},"description":{"type":"string","description_kind":"plain","optional":true},"desired_agent_image":{"type":"string","description_kind":"plain","optional":true,"computed":true},"desired_auth_image":{"type":"string","description_kind":"plain","optional":true,"computed":true},"docker_root_dir":{"type":"string","description_kind":"plain","optional":true,"computed":true},"driver":{"type":"string","description_kind":"plain","optional":true,"computed":true},"enable_cluster_alerting":{"type":"bool","description":"Enable built-in cluster alerting","description_kind":"plain","optional":true,"computed":true},"enable_cluster_istio":{"type":"bool","description":"Enable built-in cluster istio","description_kind":"plain","optional":true,"computed":true},"enable_cluster_monitoring":{"type":"bool","description":"Enable built-in cluster monitoring","description_kind":"plain","optional":true,"computed":true},"enable_network_policy":{"type":"bool","description":"Enable project network isolation","description_kind":"plain","optional":true,"computed":true},"id":{"type":"string","description_kind":"plain","optional":true,"computed":true},"kube_config":{"type":"string","description_kind":"plain","computed":true,"sensitive":true},"labels":{"type":["map","string"],"description":"Labels of the resource","description_kind":"plain","optional":true,"computed":true},"name":{"type":"string","description_kind":"plain","required":true},"system_project_id":{"type":"string","description_kind":"plain","computed":true},"windows_prefered_cluster":{"type":"bool","description":"Windows preferred cluster","description_kind":"plain","optional":true}},"block_types":{"aks_config":{"nesting_mode":"list","block":{"attributes":{"aad_server_app_secret":{"type":"string","description":"The secret of an Azure Active Directory server application","description_kind":"plain","optional":true,"sensitive":true},"aad_tenant_id":{"type":"string","description":"The ID of an Azure Active Directory tenant","description_kind":"plain","optional":true,"sensitive":true},"add_client_app_id":{"type":"string","description":"The ID of an Azure Active Directory client application of type \"Native\". This application is for user login via kubectl","description_kind":"plain","optional":true,"sensitive":true},"add_server_app_id":{"type":"string","description":"The ID of an Azure Active Directory server application of type \"Web app/API\". This application represents the managed cluster's apiserver (Server application)","description_kind":"plain","optional":true,"sensitive":true},"admin_username":{"type":"string","description":"The administrator username to use for Linux hosts","description_kind":"plain","optional":true},"agent_dns_prefix":{"type":"string","description":"DNS prefix to be used to create the FQDN for the agent pool","description_kind":"plain","required":true},"agent_os_disk_size":{"type":"number","description":"GB size to be used to specify the disk for every machine in the agent pool. If you specify 0, it will apply the default according to the \"agent vm size\" specified","description_kind":"plain","optional":true},"agent_pool_name":{"type":"string","description":"Name for the agent pool, upto 12 alphanumeric characters","description_kind":"plain","optional":true},"agent_storage_profile":{"type":"string","description":"Storage profile specifies what kind of storage used on machine in the agent pool. Chooses from [ManagedDisks StorageAccount]","description_kind":"plain","optional":true},"agent_vm_size":{"type":"string","description":"Size of machine in the agent pool","description_kind":"plain","optional":true},"auth_base_url":{"type":"string","description":"Different authentication API url to use","description_kind":"plain","optional":true},"base_url":{"type":"string","description":"Different resource management API url to use","description_kind":"plain","optional":true},"client_id":{"type":"string","description":"Azure client ID to use","description_kind":"plain","required":true,"sensitive":true},"client_secret":{"type":"string","description":"Azure client secret associated with the \"client id\"","description_kind":"plain","required":true,"sensitive":true},"count":{"type":"number","description":"Number of machines (VMs) in the agent pool. Allowed values must be in the range of 1 to 100 (inclusive)","description_kind":"plain","optional":true},"dns_service_ip":{"type":"string","description":"An IP address assigned to the Kubernetes DNS service. It must be within the Kubernetes Service address range specified in \"service cidr\"","description_kind":"plain","optional":true},"docker_bridge_cidr":{"type":"string","description":"A CIDR notation IP range assigned to the Docker bridge network. It must not overlap with any Subnet IP ranges or the Kubernetes Service address range specified in \"service cidr\"","description_kind":"plain","optional":true},"enable_http_application_routing":{"type":"bool","description":"Enable the Kubernetes ingress with automatic public DNS name creation","description_kind":"plain","optional":true},"enable_monitoring":{"type":"bool","description":"Turn on Azure Log Analytics monitoring. Uses the Log Analytics \"Default\" workspace if it exists, else creates one. if using an existing workspace, specifies \"log analytics workspace resource id\"","description_kind":"plain","optional":true},"kubernetes_version":{"type":"string","description":"Specify the version of Kubernetes","description_kind":"plain","required":true},"location":{"type":"string","description":"Azure Kubernetes cluster location","description_kind":"plain","optional":true},"log_analytics_workspace":{"type":"string","description":"The name of an existing Azure Log Analytics Workspace to use for storing monitoring data. If not specified, uses '{resource group}-{subscription id}-{location code}'","description_kind":"plain","optional":true},"log_analytics_workspace_resource_group":{"type":"string","description":"The resource group of an existing Azure Log Analytics Workspace to use for storing monitoring data. If not specified, uses the 'Cluster' resource group","description_kind":"plain","optional":true},"master_dns_prefix":{"type":"string","description":"DNS prefix to use the Kubernetes cluster control pane","description_kind":"plain","required":true},"max_pods":{"type":"number","description":"Maximum number of pods that can run on a node","description_kind":"plain","optional":true},"network_plugin":{"type":"string","description":"Network plugin used for building Kubernetes network. Chooses from [azure kubenet]","description_kind":"plain","optional":true},"network_policy":{"type":"string","description":"Network policy used for building Kubernetes network. Chooses from [calico]","description_kind":"plain","optional":true},"pod_cidr":{"type":"string","description":"A CIDR notation IP range from which to assign Kubernetes Pod IPs when \"network plugin\" is specified in \"kubenet\".","description_kind":"plain","optional":true},"resource_group":{"type":"string","description":"The name of the Cluster resource group","description_kind":"plain","required":true},"service_cidr":{"type":"string","description":"A CIDR notation IP range from which to assign Kubernetes Service cluster IPs. It must not overlap with any Subnet IP ranges","description_kind":"plain","optional":true},"ssh_public_key_contents":{"type":"string","description":"Contents of the SSH public key used to authenticate with Linux hosts","description_kind":"plain","required":true},"subnet":{"type":"string","description":"The name of an existing Azure Virtual Subnet. Composite of agent virtual network subnet ID","description_kind":"plain","required":true},"subscription_id":{"type":"string","description":"Subscription credentials which uniquely identify Microsoft Azure subscription","description_kind":"plain","required":true},"tag":{"type":["map","string"],"description":"Tags for Kubernetes cluster. For example, foo=bar","description_kind":"plain","optional":true,"computed":true},"tenant_id":{"type":"string","description":"Azure tenant ID to use","description_kind":"plain","required":true},"virtual_network":{"type":"string","description":"The name of an existing Azure Virtual Network. Composite of agent virtual network subnet ID","description_kind":"plain","required":true},"virtual_network_resource_group":{"type":"string","description":"The resource group of an existing Azure Virtual Network. Composite of agent virtual network subnet ID","description_kind":"plain","required":true}},"description_kind":"plain"},"max_items":1},"cluster_auth_endpoint":{"nesting_mode":"list","block":{"attributes":{"ca_certs":{"type":"string","description_kind":"plain","optional":true},"enabled":{"type":"bool","description_kind":"plain","optional":true},"fqdn":{"type":"string","description_kind":"plain","optional":true}},"description_kind":"plain"},"max_items":1},"cluster_monitoring_input":{"nesting_mode":"list","block":{"attributes":{"answers":{"type":["map","string"],"description":"Answers for monitor input","description_kind":"plain","optional":true},"version":{"type":"string","description":"Monitoring version","description_kind":"plain","optional":true}},"description_kind":"plain"},"max_items":1},"cluster_template_answers":{"nesting_mode":"list","block":{"attributes":{"cluster_id":{"type":"string","description":"Cluster ID for answer","description_kind":"plain","optional":true,"computed":true},"project_id":{"type":"string","description":"Project ID for answer","description_kind":"plain","optional":true,"computed":true},"values":{"type":["map","string"],"description":"Key/values for answer","description_kind":"plain","optional":true,"computed":true}},"description_kind":"plain"},"max_items":1},"cluster_template_questions":{"nesting_mode":"list","block":{"attributes":{"default":{"type":"string","description":"Default variable value","description_kind":"plain","required":true},"required":{"type":"bool","description":"Required variable","description_kind":"plain","optional":true},"type":{"type":"string","description":"Variable type","description_kind":"plain","optional":true},"variable":{"type":"string","description":"Variable name","description_kind":"plain","required":true}},"description_kind":"plain"}},"eks_config":{"nesting_mode":"list","block":{"attributes":{"access_key":{"type":"string","description":"The AWS Client ID to use","description_kind":"plain","required":true,"sensitive":true},"ami":{"type":"string","description":"A custom AMI ID to use for the worker nodes instead of the default","description_kind":"plain","optional":true},"associate_worker_node_public_ip":{"type":"bool","description":"Associate public ip EKS worker nodes","description_kind":"plain","optional":true},"desired_nodes":{"type":"number","description":"The desired number of worker nodes","description_kind":"plain","optional":true},"instance_type":{"type":"string","description":"The type of machine to use for worker nodes","description_kind":"plain","optional":true},"key_pair_name":{"type":"string","description":"Allow user to specify key name to use","description_kind":"plain","optional":true},"kubernetes_version":{"type":"string","description":"The kubernetes master version","description_kind":"plain","required":true},"maximum_nodes":{"type":"number","description":"The maximum number of worker nodes","description_kind":"plain","optional":true},"minimum_nodes":{"type":"number","description":"The minimum number of worker nodes","description_kind":"plain","optional":true},"node_volume_size":{"type":"number","description":"The volume size for each node","description_kind":"plain","optional":true},"region":{"type":"string","description":"The AWS Region to create the EKS cluster in","description_kind":"plain","optional":true},"secret_key":{"type":"string","description":"The AWS Client Secret associated with the Client ID","description_kind":"plain","required":true,"sensitive":true},"security_groups":{"type":["list","string"],"description":"List of security groups to use for the cluster","description_kind":"plain","optional":true},"service_role":{"type":"string","description":"The service role to use to perform the cluster operations in AWS","description_kind":"plain","optional":true},"session_token":{"type":"string","description":"A session token to use with the client key and secret if applicable","description_kind":"plain","optional":true,"sensitive":true},"subnets":{"type":["list","string"],"description":"List of subnets in the virtual network to use","description_kind":"plain","optional":true},"user_data":{"type":"string","description":"Pass user-data to the nodes to perform automated configuration tasks","description_kind":"plain","optional":true,"computed":true},"virtual_network":{"type":"string","description":"The name of the virtual network to use","description_kind":"plain","optional":true}},"description_kind":"plain"},"max_items":1},"gke_config":{"nesting_mode":"list","block":{"attributes":{"cluster_ipv4_cidr":{"type":"string","description":"The IP address range of the container pods","description_kind":"plain","required":true},"credential":{"type":"string","description":"The contents of the GC credential file","description_kind":"plain","required":true,"sensitive":true},"description":{"type":"string","description":"An optional description of this cluster","description_kind":"plain","optional":true},"disk_size_gb":{"type":"number","description":"Size of the disk attached to each node","description_kind":"plain","optional":true},"disk_type":{"type":"string","description":"Type of the disk attached to each node","description_kind":"plain","required":true},"enable_alpha_feature":{"type":"bool","description":"To enable kubernetes alpha feature","description_kind":"plain","optional":true},"enable_auto_repair":{"type":"bool","description":"Specifies whether the node auto-repair is enabled for the node pool","description_kind":"plain","optional":true},"enable_auto_upgrade":{"type":"bool","description":"Specifies whether node auto-upgrade is enabled for the node pool","description_kind":"plain","optional":true},"enable_horizontal_pod_autoscaling":{"type":"bool","description":"Enable horizontal pod autoscaling for the cluster","description_kind":"plain","optional":true},"enable_http_load_balancing":{"type":"bool","description":"Enable http load balancing for the cluster","description_kind":"plain","optional":true},"enable_kubernetes_dashboard":{"type":"bool","description":"Whether to enable the kubernetes dashboard","description_kind":"plain","optional":true},"enable_legacy_abac":{"type":"bool","description":"Whether to enable legacy abac on the cluster","description_kind":"plain","optional":true},"enable_master_authorized_network":{"type":"bool","description":"Whether or not master authorized network is enabled","description_kind":"plain","optional":true},"enable_network_policy_config":{"type":"bool","description":"Enable network policy config for the cluster","description_kind":"plain","optional":true},"enable_nodepool_autoscaling":{"type":"bool","description":"Enable nodepool autoscaling","description_kind":"plain","optional":true},"enable_private_endpoint":{"type":"bool","description":"Whether the master's internal IP address is used as the cluster endpoint","description_kind":"plain","optional":true},"enable_private_nodes":{"type":"bool","description":"Whether nodes have internal IP address only","description_kind":"plain","optional":true},"enable_stackdriver_logging":{"type":"bool","description":"Enable stackdriver logging","description_kind":"plain","optional":true},"enable_stackdriver_monitoring":{"type":"bool","description":"Enable stackdriver monitoring","description_kind":"plain","optional":true},"image_type":{"type":"string","description":"The image to use for the worker nodes","description_kind":"plain","required":true},"ip_policy_cluster_ipv4_cidr_block":{"type":"string","description":"The IP address range for the cluster pod IPs","description_kind":"plain","required":true},"ip_policy_cluster_secondary_range_name":{"type":"string","description":"The name of the secondary range to be used for the cluster CIDR block","description_kind":"plain","required":true},"ip_policy_create_subnetwork":{"type":"bool","description":"Whether a new subnetwork will be created automatically for the cluster","description_kind":"plain","optional":true},"ip_policy_node_ipv4_cidr_block":{"type":"string","description":"The IP address range of the instance IPs in this cluster","description_kind":"plain","required":true},"ip_policy_services_ipv4_cidr_block":{"type":"string","description":"The IP address range of the services IPs in this cluster","description_kind":"plain","required":true},"ip_policy_services_secondary_range_name":{"type":"string","description":"The name of the secondary range to be used for the services CIDR block","description_kind":"plain","required":true},"ip_policy_subnetwork_name":{"type":"string","description":"A custom subnetwork name to be used if createSubnetwork is true","description_kind":"plain","required":true},"issue_client_certificate":{"type":"bool","description":"Issue a client certificate","description_kind":"plain","optional":true},"kubernetes_dashboard":{"type":"bool","description":"Enable the kubernetes dashboard","description_kind":"plain","optional":true},"labels":{"type":["map","string"],"description":"The map of Kubernetes labels (key/value pairs) to be applied to each node","description_kind":"plain","optional":true,"computed":true},"local_ssd_count":{"type":"number","description":"The number of local SSD disks to be attached to the node","description_kind":"plain","optional":true},"locations":{"type":["list","string"],"description":"Locations to use for the cluster","description_kind":"plain","required":true},"machine_type":{"type":"string","description":"The machine type to use for the worker nodes","description_kind":"plain","required":true},"maintenance_window":{"type":"string","description":"When to performance updates on the nodes, in 24-hour time","description_kind":"plain","required":true},"master_authorized_network_cidr_blocks":{"type":["list","string"],"description":"Define up to 10 external networks that could access Kubernetes master through HTTPS","description_kind":"plain","optional":true},"master_ipv4_cidr_block":{"type":"string","description":"The IP range in CIDR notation to use for the hosted master network","description_kind":"plain","required":true},"master_version":{"type":"string","description":"The kubernetes master version","description_kind":"plain","required":true},"max_node_count":{"type":"number","description":"Maximum number of nodes in the NodePool. Must be \u003e= minNodeCount. There has to enough quota to scale up the cluster","description_kind":"plain","optional":true},"min_node_count":{"type":"number","description":"Minimmum number of nodes in the NodePool. Must be \u003e= 1 and \u003c= maxNodeCount","description_kind":"plain","optional":true},"network":{"type":"string","description":"The network to use for the cluster","description_kind":"plain","required":true},"node_count":{"type":"number","description":"The number of nodes to create in this cluster","description_kind":"plain","optional":true},"node_pool":{"type":"string","description":"The ID of the cluster node pool","description_kind":"plain","required":true},"node_version":{"type":"string","description":"The version of kubernetes to use on the nodes","description_kind":"plain","required":true},"oauth_scopes":{"type":["list","string"],"description":"The set of Google API scopes to be made available on all of the node VMs under the default service account","description_kind":"plain","required":true},"preemptible":{"type":"bool","description":"Whether the nodes are created as preemptible VM instances","description_kind":"plain","optional":true},"project_id":{"type":"string","description":"The ID of your project to use when creating a cluster","description_kind":"plain","required":true},"region":{"type":"string","description":"The region to launch the cluster. Region or zone should be used","description_kind":"plain","optional":true},"resource_labels":{"type":["map","string"],"description":"The map of Kubernetes labels (key/value pairs) to be applied to each cluster","description_kind":"plain","optional":true,"computed":true},"service_account":{"type":"string","description":"The Google Cloud Platform Service Account to be used by the node VMs","description_kind":"plain","required":true},"sub_network":{"type":"string","description":"The sub-network to use for the cluster","description_kind":"plain","required":true},"taints":{"type":["list","string"],"description":"List of kubernetes taints to be applied to each node","description_kind":"plain","optional":true},"use_ip_aliases":{"type":"bool","description":"Whether alias IPs will be used for pod IPs in the cluster","description_kind":"plain","optional":true},"zone":{"type":"string","description":"The zone to launch the cluster. Zone or region should be used","description_kind":"plain","optional":true}},"description_kind":"plain"},"max_items":1},"k3s_config":{"nesting_mode":"list","block":{"attributes":{"version":{"type":"string","description":"The K3S kubernetes version","description_kind":"plain","optional":true,"computed":true}},"block_types":{"upgrade_strategy":{"nesting_mode":"list","block":{"attributes":{"drain_server_nodes":{"type":"bool","description":"Drain server nodes","description_kind":"plain","optional":true},"drain_worker_nodes":{"type":"bool","description":"Drain worker nodes","description_kind":"plain","optional":true},"server_concurrency":{"type":"number","description":"Server concurrency","description_kind":"plain","optional":true},"worker_concurrency":{"type":"number","description":"Worker concurrency","description_kind":"plain","optional":true}},"description_kind":"plain"},"max_items":1}},"description_kind":"plain"},"max_items":1},"rke_config":{"nesting_mode":"list","block":{"attributes":{"addon_job_timeout":{"type":"number","description":"Optional duration in seconds of addon job.","description_kind":"plain","optional":true,"computed":true},"addons":{"type":"string","description":"Optional addons descripton to deploy on rke cluster.","description_kind":"plain","optional":true},"addons_include":{"type":["list","string"],"description":"Optional addons yaml manisfest to deploy on rke cluster.","description_kind":"plain","optional":true},"ignore_docker_version":{"type":"bool","description":"Optional ignore docker version on nodes","description_kind":"plain","optional":true},"kubernetes_version":{"type":"string","description":"Optional kubernetes version to deploy","description_kind":"plain","optional":true,"computed":true},"prefix_path":{"type":"string","description":"Optional prefix to customize kubernetes path","description_kind":"plain","optional":true,"computed":true},"ssh_agent_auth":{"type":"bool","description":"Optional use ssh agent auth","description_kind":"plain","optional":true},"ssh_cert_path":{"type":"string","description":"Optional cluster level SSH certificate path","description_kind":"plain","optional":true,"computed":true},"ssh_key_path":{"type":"string","description":"Optional cluster level SSH private key path","description_kind":"plain","optional":true,"computed":true}},"block_types":{"authentication":{"nesting_mode":"list","block":{"attributes":{"sans":{"type":["list","string"],"description_kind":"plain","optional":true,"computed":true},"strategy":{"type":"string","description_kind":"plain","optional":true,"computed":true}},"description_kind":"plain"},"max_items":1},"authorization":{"nesting_mode":"list","block":{"attributes":{"mode":{"type":"string","description_kind":"plain","optional":true},"options":{"type":["map","string"],"description_kind":"plain","optional":true,"computed":true}},"description_kind":"plain"},"max_items":1},"bastion_host":{"nesting_mode":"list","block":{"attributes":{"address":{"type":"string","description_kind":"plain","required":true},"port":{"type":"string","description_kind":"plain","optional":true},"ssh_agent_auth":{"type":"bool","description_kind":"plain","optional":true},"ssh_key":{"type":"string","description_kind":"plain","optional":true,"computed":true,"sensitive":true},"ssh_key_path":{"type":"string","description_kind":"plain","optional":true,"computed":true},"user":{"type":"string","description_kind":"plain","required":true}},"description_kind":"plain"},"max_items":1},"cloud_provider":{"nesting_mode":"list","block":{"attributes":{"custom_cloud_provider":{"type":"string","description_kind":"plain","optional":true,"computed":true},"name":{"type":"string","description_kind":"plain","optional":true,"computed":true}},"block_types":{"aws_cloud_provider":{"nesting_mode":"list","block":{"block_types":{"global":{"nesting_mode":"list","block":{"attributes":{"disable_security_group_ingress":{"type":"bool","description_kind":"plain","optional":true},"disable_strict_zone_check":{"type":"bool","description_kind":"plain","optional":true},"elb_security_group":{"type":"string","description_kind":"plain","optional":true,"computed":true},"kubernetes_cluster_id":{"type":"string","description_kind":"plain","optional":true,"computed":true},"kubernetes_cluster_tag":{"type":"string","description_kind":"plain","optional":true,"computed":true},"role_arn":{"type":"string","description_kind":"plain","optional":true,"computed":true},"route_table_id":{"type":"string","description_kind":"plain","optional":true,"computed":true},"subnet_id":{"type":"string","description_kind":"plain","optional":true,"computed":true},"vpc":{"type":"string","description_kind":"plain","optional":true,"computed":true},"zone":{"type":"string","description_kind":"plain","optional":true,"computed":true}},"description_kind":"plain"},"max_items":1},"service_override":{"nesting_mode":"list","block":{"attributes":{"region":{"type":"string","description_kind":"plain","optional":true,"computed":true},"service":{"type":"string","description_kind":"plain","required":true},"signing_method":{"type":"string","description_kind":"plain","optional":true,"computed":true},"signing_name":{"type":"string","description_kind":"plain","optional":true,"computed":true},"signing_region":{"type":"string","description_kind":"plain","optional":true,"computed":true},"url":{"type":"string","description_kind":"plain","optional":true,"computed":true}},"description_kind":"plain"}}},"description_kind":"plain"},"max_items":1},"azure_cloud_provider":{"nesting_mode":"list","block":{"attributes":{"aad_client_cert_password":{"type":"string","description_kind":"plain","optional":true,"computed":true,"sensitive":true},"aad_client_cert_path":{"type":"string","description_kind":"plain","optional":true,"computed":true},"aad_client_id":{"type":"string","description_kind":"plain","required":true,"sensitive":true},"aad_client_secret":{"type":"string","description_kind":"plain","required":true,"sensitive":true},"cloud":{"type":"string","description_kind":"plain","optional":true,"computed":true},"cloud_provider_backoff":{"type":"bool","description_kind":"plain","optional":true,"computed":true},"cloud_provider_backoff_duration":{"type":"number","description_kind":"plain","optional":true,"computed":true},"cloud_provider_backoff_exponent":{"type":"number","description_kind":"plain","optional":true,"computed":true},"cloud_provider_backoff_jitter":{"type":"number","description_kind":"plain","optional":true,"computed":true},"cloud_provider_backoff_retries":{"type":"number","description_kind":"plain","optional":true,"computed":true},"cloud_provider_rate_limit":{"type":"bool","description_kind":"plain","optional":true,"computed":true},"cloud_provider_rate_limit_bucket":{"type":"number","description_kind":"plain","optional":true,"computed":true},"cloud_provider_rate_limit_qps":{"type":"number","description_kind":"plain","optional":true,"computed":true},"load_balancer_sku":{"type":"string","description":"Load balancer type (basic | standard). Must be standard for auto-scaling","description_kind":"plain","optional":true},"location":{"type":"string","description_kind":"plain","optional":true,"computed":true},"maximum_load_balancer_rule_count":{"type":"number","description_kind":"plain","optional":true,"computed":true},"primary_availability_set_name":{"type":"string","description_kind":"plain","optional":true,"computed":true},"primary_scale_set_name":{"type":"string","description_kind":"plain","optional":true,"computed":true},"resource_group":{"type":"string","description_kind":"plain","optional":true,"computed":true},"route_table_name":{"type":"string","description_kind":"plain","optional":true,"computed":true},"security_group_name":{"type":"string","description_kind":"plain","optional":true,"computed":true},"subnet_name":{"type":"string","description_kind":"plain","optional":true,"computed":true},"subscription_id":{"type":"string","description_kind":"plain","required":true,"sensitive":true},"tenant_id":{"type":"string","description_kind":"plain","required":true,"sensitive":true},"use_instance_metadata":{"type":"bool","description_kind":"plain","optional":true,"computed":true},"use_managed_identity_extension":{"type":"bool","description_kind":"plain","optional":true,"computed":true},"vm_type":{"type":"string","description_kind":"plain","optional":true,"computed":true},"vnet_name":{"type":"string","description_kind":"plain","optional":true,"computed":true},"vnet_resource_group":{"type":"string","description_kind":"plain","optional":true,"computed":true}},"description_kind":"plain"},"max_items":1},"openstack_cloud_provider":{"nesting_mode":"list","block":{"block_types":{"block_storage":{"nesting_mode":"list","block":{"attributes":{"bs_version":{"type":"string","description_kind":"plain","optional":true,"computed":true},"ignore_volume_az":{"type":"bool","description_kind":"plain","optional":true,"computed":true},"trust_device_path":{"type":"bool","description_kind":"plain","optional":true,"computed":true}},"description_kind":"plain"},"max_items":1},"global":{"nesting_mode":"list","block":{"attributes":{"auth_url":{"type":"string","description_kind":"plain","required":true},"ca_file":{"type":"string","description_kind":"plain","optional":true,"computed":true},"domain_id":{"type":"string","description_kind":"plain","optional":true,"computed":true,"sensitive":true},"domain_name":{"type":"string","description_kind":"plain","optional":true,"computed":true},"password":{"type":"string","description_kind":"plain","required":true,"sensitive":true},"region":{"type":"string","description_kind":"plain","optional":true,"computed":true},"tenant_id":{"type":"string","description_kind":"plain","optional":true,"computed":true,"sensitive":true},"tenant_name":{"type":"string","description_kind":"plain","optional":true,"computed":true},"trust_id":{"type":"string","description_kind":"plain","optional":true,"computed":true,"sensitive":true},"username":{"type":"string","description_kind":"plain","required":true,"sensitive":true}},"description_kind":"plain"},"min_items":1,"max_items":1},"load_balancer":{"nesting_mode":"list","block":{"attributes":{"create_monitor":{"type":"bool","description_kind":"plain","optional":true,"computed":true},"floating_network_id":{"type":"string","description_kind":"plain","optional":true,"computed":true},"lb_method":{"type":"string","description_kind":"plain","optional":true,"computed":true},"lb_provider":{"type":"string","description_kind":"plain","optional":true,"computed":true},"lb_version":{"type":"string","description_kind":"plain","optional":true,"computed":true},"manage_security_groups":{"type":"bool","description_kind":"plain","optional":true,"computed":true},"monitor_delay":{"type":"string","description_kind":"plain","optional":true},"monitor_max_retries":{"type":"number","description_kind":"plain","optional":true},"monitor_timeout":{"type":"string","description_kind":"plain","optional":true},"subnet_id":{"type":"string","description_kind":"plain","optional":true,"computed":true},"use_octavia":{"type":"bool","description_kind":"plain","optional":true,"computed":true}},"description_kind":"plain"},"max_items":1},"metadata":{"nesting_mode":"list","block":{"attributes":{"request_timeout":{"type":"number","description_kind":"plain","optional":true,"computed":true},"search_order":{"type":"string","description_kind":"plain","optional":true,"computed":true}},"description_kind":"plain"},"max_items":1},"route":{"nesting_mode":"list","block":{"attributes":{"router_id":{"type":"string","description_kind":"plain","optional":true,"computed":true}},"description_kind":"plain"},"max_items":1}},"description_kind":"plain"},"max_items":1},"vsphere_cloud_provider":{"nesting_mode":"list","block":{"block_types":{"disk":{"nesting_mode":"list","block":{"attributes":{"scsi_controller_type":{"type":"string","description_kind":"plain","optional":true,"computed":true}},"description_kind":"plain"},"max_items":1},"global":{"nesting_mode":"list","block":{"attributes":{"datacenters":{"type":"string","description_kind":"plain","optional":true,"computed":true},"insecure_flag":{"type":"bool","description_kind":"plain","optional":true,"computed":true},"password":{"type":"string","description_kind":"plain","optional":true,"computed":true,"sensitive":true},"port":{"type":"string","description_kind":"plain","optional":true,"computed":true},"soap_roundtrip_count":{"type":"number","description_kind":"plain","optional":true,"computed":true},"user":{"type":"string","description_kind":"plain","optional":true,"computed":true,"sensitive":true}},"description_kind":"plain"},"max_items":1},"network":{"nesting_mode":"list","block":{"attributes":{"public_network":{"type":"string","description_kind":"plain","optional":true,"computed":true}},"description_kind":"plain"},"max_items":1},"virtual_center":{"nesting_mode":"list","block":{"attributes":{"datacenters":{"type":"string","description_kind":"plain","required":true},"name":{"type":"string","description_kind":"plain","required":true},"password":{"type":"string","description_kind":"plain","required":true,"sensitive":true},"port":{"type":"string","description_kind":"plain","optional":true,"computed":true},"soap_roundtrip_count":{"type":"number","description_kind":"plain","optional":true,"computed":true},"user":{"type":"string","description_kind":"plain","required":true,"sensitive":true}},"description_kind":"plain"},"min_items":1},"workspace":{"nesting_mode":"list","block":{"attributes":{"datacenter":{"type":"string","description_kind":"plain","required":true},"default_datastore":{"type":"string","description_kind":"plain","optional":true,"computed":true},"folder":{"type":"string","description_kind":"plain","required":true},"resourcepool_path":{"type":"string","description_kind":"plain","optional":true,"computed":true},"server":{"type":"string","description_kind":"plain","required":true}},"description_kind":"plain"},"min_items":1,"max_items":1}},"description_kind":"plain"},"max_items":1}},"description_kind":"plain"},"max_items":1},"dns":{"nesting_mode":"list","block":{"attributes":{"node_selector":{"type":["map","string"],"description_kind":"plain","optional":true,"computed":true},"provider":{"type":"string","description_kind":"plain","optional":true},"reverse_cidrs":{"type":["list","string"],"description_kind":"plain","optional":true,"computed":true},"upstream_nameservers":{"type":["list","string"],"description_kind":"plain","optional":true,"computed":true}},"block_types":{"nodelocal":{"nesting_mode":"list","block":{"attributes":{"ip_address":{"type":"string","description_kind":"plain","optional":true},"node_selector":{"type":["map","string"],"description":"Node selector key pair","description_kind":"plain","optional":true}},"description_kind":"plain"},"max_items":1}},"description_kind":"plain"},"max_items":1},"ingress":{"nesting_mode":"list","block":{"attributes":{"dns_policy":{"type":"string","description_kind":"plain","optional":true,"computed":true},"extra_args":{"type":["map","string"],"description_kind":"plain","optional":true,"computed":true},"node_selector":{"type":["map","string"],"description_kind":"plain","optional":true,"computed":true},"options":{"type":["map","string"],"description_kind":"plain","optional":true,"computed":true},"provider":{"type":"string","description_kind":"plain","optional":true,"computed":true}},"description_kind":"plain"},"max_items":1},"monitoring":{"nesting_mode":"list","block":{"attributes":{"node_selector":{"type":["map","string"],"description_kind":"plain","optional":true},"options":{"type":["map","string"],"description_kind":"plain","optional":true,"computed":true},"provider":{"type":"string","description_kind":"plain","optional":true,"computed":true},"replicas":{"type":"number","description_kind":"plain","optional":true,"computed":true}},"block_types":{"update_strategy":{"nesting_mode":"list","block":{"attributes":{"strategy":{"type":"string","description":"Strategy","description_kind":"plain","optional":true}},"block_types":{"rolling_update":{"nesting_mode":"list","block":{"attributes":{"max_surge":{"type":"number","description":"Rolling update max surge","description_kind":"plain","optional":true},"max_unavailable":{"type":"number","description":"Rolling update max unavailable","description_kind":"plain","optional":true}},"description_kind":"plain"},"max_items":1}},"description_kind":"plain"},"max_items":1}},"description_kind":"plain"},"max_items":1},"network":{"nesting_mode":"list","block":{"attributes":{"mtu":{"type":"number","description_kind":"plain","optional":true},"options":{"type":["map","string"],"description_kind":"plain","optional":true,"computed":true},"plugin":{"type":"string","description_kind":"plain","optional":true,"computed":true}},"block_types":{"calico_network_provider":{"nesting_mode":"list","block":{"attributes":{"cloud_provider":{"type":"string","description_kind":"plain","optional":true,"computed":true}},"description_kind":"plain"},"max_items":1},"canal_network_provider":{"nesting_mode":"list","block":{"attributes":{"iface":{"type":"string","description_kind":"plain","optional":true,"computed":true}},"description_kind":"plain"},"max_items":1},"flannel_network_provider":{"nesting_mode":"list","block":{"attributes":{"iface":{"type":"string","description_kind":"plain","optional":true,"computed":true}},"description_kind":"plain"},"max_items":1},"weave_network_provider":{"nesting_mode":"list","block":{"attributes":{"password":{"type":"string","description_kind":"plain","required":true}},"description_kind":"plain"},"max_items":1}},"description_kind":"plain"},"max_items":1},"nodes":{"nesting_mode":"list","block":{"attributes":{"address":{"type":"string","description_kind":"plain","required":true},"docker_socket":{"type":"string","description_kind":"plain","optional":true,"computed":true},"hostname_override":{"type":"string","description_kind":"plain","optional":true},"internal_address":{"type":"string","description_kind":"plain","optional":true},"labels":{"type":["map","string"],"description_kind":"plain","optional":true},"node_id":{"type":"string","description_kind":"plain","optional":true},"port":{"type":"string","description_kind":"plain","optional":true},"role":{"type":["list","string"],"description_kind":"plain","required":true},"ssh_agent_auth":{"type":"bool","description_kind":"plain","optional":true},"ssh_key":{"type":"string","description_kind":"plain","optional":true,"computed":true,"sensitive":true},"ssh_key_path":{"type":"string","description_kind":"plain","optional":true,"computed":true},"user":{"type":"string","description_kind":"plain","required":true,"sensitive":true}},"description_kind":"plain"}},"private_registries":{"nesting_mode":"list","block":{"attributes":{"is_default":{"type":"bool","description_kind":"plain","optional":true},"password":{"type":"string","description_kind":"plain","optional":true,"sensitive":true},"url":{"type":"string","description_kind":"plain","required":true},"user":{"type":"string","description_kind":"plain","optional":true,"sensitive":true}},"description_kind":"plain"}},"services":{"nesting_mode":"list","block":{"block_types":{"etcd":{"nesting_mode":"list","block":{"attributes":{"ca_cert":{"type":"string","description_kind":"plain","optional":true,"computed":true},"cert":{"type":"string","description_kind":"plain","optional":true,"computed":true,"sensitive":true},"creation":{"type":"string","description_kind":"plain","optional":true,"computed":true},"external_urls":{"type":["list","string"],"description_kind":"plain","optional":true},"extra_args":{"type":["map","string"],"description_kind":"plain","optional":true,"computed":true},"extra_binds":{"type":["list","string"],"description_kind":"plain","optional":true},"extra_env":{"type":["list","string"],"description_kind":"plain","optional":true},"gid":{"type":"number","description_kind":"plain","optional":true},"image":{"type":"string","description_kind":"plain","optional":true,"computed":true},"key":{"type":"string","description_kind":"plain","optional":true,"computed":true,"sensitive":true},"path":{"type":"string","description_kind":"plain","optional":true,"computed":true},"retention":{"type":"string","description_kind":"plain","optional":true,"computed":true},"snapshot":{"type":"bool","description_kind":"plain","optional":true,"computed":true},"uid":{"type":"number","description_kind":"plain","optional":true}},"block_types":{"backup_config":{"nesting_mode":"list","block":{"attributes":{"enabled":{"type":"bool","description_kind":"plain","optional":true},"interval_hours":{"type":"number","description_kind":"plain","optional":true},"retention":{"type":"number","description_kind":"plain","optional":true},"safe_timestamp":{"type":"bool","description_kind":"plain","optional":true}},"block_types":{"s3_backup_config":{"nesting_mode":"list","block":{"attributes":{"access_key":{"type":"string","description_kind":"plain","optional":true,"sensitive":true},"bucket_name":{"type":"string","description_kind":"plain","required":true},"custom_ca":{"type":"string","description_kind":"plain","optional":true},"endpoint":{"type":"string","description_kind":"plain","required":true},"folder":{"type":"string","description_kind":"plain","optional":true},"region":{"type":"string","description_kind":"plain","optional":true},"secret_key":{"type":"string","description_kind":"plain","optional":true,"sensitive":true}},"description_kind":"plain"},"max_items":1}},"description_kind":"plain"},"max_items":1}},"description_kind":"plain"},"max_items":1},"kube_api":{"nesting_mode":"list","block":{"attributes":{"admission_configuration":{"type":["map","string"],"description_kind":"plain","optional":true},"always_pull_images":{"type":"bool","description_kind":"plain","optional":true},"extra_args":{"type":["map","string"],"description_kind":"plain","optional":true,"computed":true},"extra_binds":{"type":["list","string"],"description_kind":"plain","optional":true},"extra_env":{"type":["list","string"],"description_kind":"plain","optional":true},"image":{"type":"string","description_kind":"plain","optional":true,"computed":true},"pod_security_policy":{"type":"bool","description_kind":"plain","optional":true},"service_cluster_ip_range":{"type":"string","description_kind":"plain","optional":true,"computed":true},"service_node_port_range":{"type":"string","description_kind":"plain","optional":true,"computed":true}},"block_types":{"audit_log":{"nesting_mode":"list","block":{"attributes":{"enabled":{"type":"bool","description_kind":"plain","optional":true}},"block_types":{"configuration":{"nesting_mode":"list","block":{"attributes":{"format":{"type":"string","description_kind":"plain","optional":true},"max_age":{"type":"number","description_kind":"plain","optional":true},"max_backup":{"type":"number","description_kind":"plain","optional":true},"max_size":{"type":"number","description_kind":"plain","optional":true},"path":{"type":"string","description_kind":"plain","optional":true},"policy":{"type":"string","description_kind":"plain","optional":true,"computed":true}},"description_kind":"plain"},"max_items":1}},"description_kind":"plain"},"max_items":1},"event_rate_limit":{"nesting_mode":"list","block":{"attributes":{"configuration":{"type":["map","string"],"description_kind":"plain","optional":true},"enabled":{"type":"bool","description_kind":"plain","optional":true}},"description_kind":"plain"},"max_items":1},"secrets_encryption_config":{"nesting_mode":"list","block":{"attributes":{"custom_config":{"type":["map","string"],"description_kind":"plain","optional":true},"enabled":{"type":"bool","description_kind":"plain","optional":true}},"description_kind":"plain"},"max_items":1}},"description_kind":"plain"},"max_items":1},"kube_controller":{"nesting_mode":"list","block":{"attributes":{"cluster_cidr":{"type":"string","description_kind":"plain","optional":true,"computed":true},"extra_args":{"type":["map","string"],"description_kind":"plain","optional":true,"computed":true},"extra_binds":{"type":["list","string"],"description_kind":"plain","optional":true},"extra_env":{"type":["list","string"],"description_kind":"plain","optional":true},"image":{"type":"string","description_kind":"plain","optional":true,"computed":true},"service_cluster_ip_range":{"type":"string","description_kind":"plain","optional":true,"computed":true}},"description_kind":"plain"},"max_items":1},"kubelet":{"nesting_mode":"list","block":{"attributes":{"cluster_dns_server":{"type":"string","description_kind":"plain","optional":true,"computed":true},"cluster_domain":{"type":"string","description_kind":"plain","optional":true,"computed":true},"extra_args":{"type":["map","string"],"description_kind":"plain","optional":true,"computed":true},"extra_binds":{"type":["list","string"],"description_kind":"plain","optional":true},"extra_env":{"type":["list","string"],"description_kind":"plain","optional":true},"fail_swap_on":{"type":"bool","description_kind":"plain","optional":true,"computed":true},"generate_serving_certificate":{"type":"bool","description_kind":"plain","optional":true},"image":{"type":"string","description_kind":"plain","optional":true,"computed":true},"infra_container_image":{"type":"string","description_kind":"plain","optional":true,"computed":true}},"description_kind":"plain"},"max_items":1},"kubeproxy":{"nesting_mode":"list","block":{"attributes":{"extra_args":{"type":["map","string"],"description_kind":"plain","optional":true,"computed":true},"extra_binds":{"type":["list","string"],"description_kind":"plain","optional":true},"extra_env":{"type":["list","string"],"description_kind":"plain","optional":true},"image":{"type":"string","description_kind":"plain","optional":true,"computed":true}},"description_kind":"plain"},"max_items":1},"scheduler":{"nesting_mode":"list","block":{"attributes":{"extra_args":{"type":["map","string"],"description_kind":"plain","optional":true,"computed":true},"extra_binds":{"type":["list","string"],"description_kind":"plain","optional":true},"extra_env":{"type":["list","string"],"description_kind":"plain","optional":true},"image":{"type":"string","description_kind":"plain","optional":true,"computed":true}},"description_kind":"plain"},"max_items":1}},"description_kind":"plain"},"max_items":1},"upgrade_strategy":{"nesting_mode":"list","block":{"attributes":{"drain":{"type":"bool","description_kind":"plain","optional":true},"max_unavailable_controlplane":{"type":"string","description_kind":"plain","optional":true},"max_unavailable_worker":{"type":"string","description_kind":"plain","optional":true}},"block_types":{"drain_input":{"nesting_mode":"list","block":{"attributes":{"delete_local_data":{"type":"bool","description_kind":"plain","optional":true},"force":{"type":"bool","description_kind":"plain","optional":true},"grace_period":{"type":"number","description_kind":"plain","optional":true},"ignore_daemon_sets":{"type":"bool","description_kind":"plain","optional":true},"timeout":{"type":"number","description_kind":"plain","optional":true}},"description_kind":"plain"},"max_items":1}},"description_kind":"plain"},"max_items":1}},"description_kind":"plain"},"max_items":1},"scheduled_cluster_scan":{"nesting_mode":"list","block":{"attributes":{"enabled":{"type":"bool","description":"Enable scheduled cluster scan","description_kind":"plain","optional":true}},"block_types":{"scan_config":{"nesting_mode":"list","block":{"block_types":{"cis_scan_config":{"nesting_mode":"list","block":{"attributes":{"debug_master":{"type":"bool","description":"Debug master","description_kind":"plain","optional":true},"debug_worker":{"type":"bool","description":"Debug worker","description_kind":"plain","optional":true},"override_benchmark_version":{"type":"string","description":"Override Benchmark Version","description_kind":"plain","optional":true},"override_skip":{"type":["list","string"],"description_kind":"plain","optional":true},"profile":{"type":"string","description":"Profile","description_kind":"plain","optional":true}},"description_kind":"plain"},"max_items":1}},"description_kind":"plain"},"min_items":1,"max_items":1},"schedule_config":{"nesting_mode":"list","block":{"attributes":{"cron_schedule":{"type":"string","description":"Crontab schedule","description_kind":"plain","required":true},"retention":{"type":"number","description":"Cluster scan retention","description_kind":"plain","optional":true,"computed":true}},"description_kind":"plain"},"min_items":1,"max_items":1}},"description_kind":"plain"},"max_items":1},"timeouts":{"nesting_mode":"single","block":{"attributes":{"create":{"type":"string","description_kind":"plain","optional":true},"delete":{"type":"string","description_kind":"plain","optional":true},"update":{"type":"string","description_kind":"plain","optional":true}},"description_kind":"plain"}}},"description_kind":"plain"}},"rancher2_cluster_alert_group":{"version":0,"block":{"attributes":{"annotations":{"type":["map","string"],"description":"Annotations of the resource","description_kind":"plain","optional":true,"computed":true},"cluster_id":{"type":"string","description":"Alert group Cluster ID","description_kind":"plain","required":true},"description":{"type":"string","description":"Alert group description","description_kind":"plain","optional":true},"group_interval_seconds":{"type":"number","description":"Alert group interval seconds","description_kind":"plain","optional":true},"group_wait_seconds":{"type":"number","description":"Alert group wait seconds","description_kind":"plain","optional":true},"id":{"type":"string","description_kind":"plain","optional":true,"computed":true},"labels":{"type":["map","string"],"description":"Labels of the resource","description_kind":"plain","optional":true,"computed":true},"name":{"type":"string","description":"Alert group name","description_kind":"plain","required":true},"repeat_interval_seconds":{"type":"number","description":"Alert group repeat interval seconds","description_kind":"plain","optional":true}},"block_types":{"recipients":{"nesting_mode":"list","block":{"attributes":{"default_recipient":{"type":"bool","description":"Use notifier default recipient","description_kind":"plain","optional":true},"notifier_id":{"type":"string","description":"Recipient notifier ID","description_kind":"plain","required":true},"notifier_type":{"type":"string","description":"Recipient notifier type","description_kind":"plain","computed":true},"recipient":{"type":"string","description":"Recipient","description_kind":"plain","optional":true,"computed":true}},"description_kind":"plain"}},"timeouts":{"nesting_mode":"single","block":{"attributes":{"create":{"type":"string","description_kind":"plain","optional":true},"delete":{"type":"string","description_kind":"plain","optional":true},"update":{"type":"string","description_kind":"plain","optional":true}},"description_kind":"plain"}}},"description_kind":"plain"}},"rancher2_cluster_alert_rule":{"version":0,"block":{"attributes":{"annotations":{"type":["map","string"],"description":"Annotations of the resource","description_kind":"plain","optional":true,"computed":true},"cluster_id":{"type":"string","description":"Alert rule cluster ID","description_kind":"plain","required":true},"group_id":{"type":"string","description":"Alert rule group ID","description_kind":"plain","required":true},"group_interval_seconds":{"type":"number","description":"Alert rule interval seconds","description_kind":"plain","optional":true},"group_wait_seconds":{"type":"number","description":"Alert rule wait seconds","description_kind":"plain","optional":true},"id":{"type":"string","description_kind":"plain","optional":true,"computed":true},"inherited":{"type":"bool","description":"Alert rule inherited","description_kind":"plain","optional":true},"labels":{"type":["map","string"],"description":"Labels of the resource","description_kind":"plain","optional":true,"computed":true},"name":{"type":"string","description":"Alert rule name","description_kind":"plain","required":true},"repeat_interval_seconds":{"type":"number","description":"Alert rule repeat interval seconds","description_kind":"plain","optional":true},"severity":{"type":"string","description":"Alert rule severity","description_kind":"plain","optional":true}},"block_types":{"event_rule":{"nesting_mode":"list","block":{"attributes":{"event_type":{"type":"string","description":"Event type","description_kind":"plain","optional":true},"resource_kind":{"type":"string","description":"Resource kind","description_kind":"plain","required":true}},"description_kind":"plain"},"max_items":1},"metric_rule":{"nesting_mode":"list","block":{"attributes":{"comparison":{"type":"string","description":"Metric rule comparison","description_kind":"plain","optional":true},"description":{"type":"string","description":"Metric rule description","description_kind":"plain","optional":true},"duration":{"type":"string","description":"Metric rule duration","description_kind":"plain","required":true},"expression":{"type":"string","description":"Metric rule expression","description_kind":"plain","required":true},"threshold_value":{"type":"number","description":"Metric rule threshold value","description_kind":"plain","required":true}},"description_kind":"plain"},"max_items":1},"node_rule":{"nesting_mode":"list","block":{"attributes":{"condition":{"type":"string","description":"Node rule condition","description_kind":"plain","optional":true},"cpu_threshold":{"type":"number","description":"Node rule cpu threshold","description_kind":"plain","optional":true},"mem_threshold":{"type":"number","description":"Node rule mem threshold","description_kind":"plain","optional":true},"node_id":{"type":"string","description":"Node ID","description_kind":"plain","optional":true},"selector":{"type":["map","string"],"description":"Node rule selector","description_kind":"plain","optional":true}},"description_kind":"plain"},"max_items":1},"system_service_rule":{"nesting_mode":"list","block":{"attributes":{"condition":{"type":"string","description":"System service rule condition","description_kind":"plain","optional":true}},"description_kind":"plain"},"max_items":1},"timeouts":{"nesting_mode":"single","block":{"attributes":{"create":{"type":"string","description_kind":"plain","optional":true},"delete":{"type":"string","description_kind":"plain","optional":true},"update":{"type":"string","description_kind":"plain","optional":true}},"description_kind":"plain"}}},"description_kind":"plain"}},"rancher2_cluster_driver":{"version":0,"block":{"attributes":{"active":{"type":"bool","description_kind":"plain","required":true},"actual_url":{"type":"string","description_kind":"plain","optional":true},"annotations":{"type":["map","string"],"description":"Annotations of the resource","description_kind":"plain","optional":true,"computed":true},"builtin":{"type":"bool","description_kind":"plain","required":true},"checksum":{"type":"string","description_kind":"plain","optional":true},"id":{"type":"string","description_kind":"plain","optional":true,"computed":true},"labels":{"type":["map","string"],"description":"Labels of the resource","description_kind":"plain","optional":true,"computed":true},"name":{"type":"string","description_kind":"plain","required":true},"ui_url":{"type":"string","description_kind":"plain","optional":true},"url":{"type":"string","description_kind":"plain","required":true},"whitelist_domains":{"type":["list","string"],"description_kind":"plain","optional":true}},"block_types":{"timeouts":{"nesting_mode":"single","block":{"attributes":{"create":{"type":"string","description_kind":"plain","optional":true},"delete":{"type":"string","description_kind":"plain","optional":true},"update":{"type":"string","description_kind":"plain","optional":true}},"description_kind":"plain"}}},"description_kind":"plain"}},"rancher2_cluster_logging":{"version":0,"block":{"attributes":{"annotations":{"type":["map","string"],"description":"Annotations of the resource","description_kind":"plain","optional":true,"computed":true},"cluster_id":{"type":"string","description_kind":"plain","required":true},"enable_json_parsing":{"type":"bool","description":"Optional enable json log parsing","description_kind":"plain","optional":true},"id":{"type":"string","description_kind":"plain","optional":true,"computed":true},"kind":{"type":"string","description_kind":"plain","required":true},"labels":{"type":["map","string"],"description":"Labels of the resource","description_kind":"plain","optional":true,"computed":true},"name":{"type":"string","description_kind":"plain","required":true},"namespace_id":{"type":"string","description_kind":"plain","optional":true},"output_flush_interval":{"type":"number","description_kind":"plain","optional":true},"output_tags":{"type":["map","string"],"description_kind":"plain","optional":true,"computed":true}},"block_types":{"custom_target_config":{"nesting_mode":"list","block":{"attributes":{"certificate":{"type":"string","description_kind":"plain","optional":true,"sensitive":true},"client_cert":{"type":"string","description_kind":"plain","optional":true,"sensitive":true},"client_key":{"type":"string","description_kind":"plain","optional":true,"sensitive":true},"content":{"type":"string","description_kind":"plain","required":true}},"description_kind":"plain"},"max_items":1},"elasticsearch_config":{"nesting_mode":"list","block":{"attributes":{"auth_password":{"type":"string","description_kind":"plain","optional":true,"sensitive":true},"auth_username":{"type":"string","description_kind":"plain","optional":true,"sensitive":true},"certificate":{"type":"string","description_kind":"plain","optional":true,"sensitive":true},"client_cert":{"type":"string","description_kind":"plain","optional":true,"sensitive":true},"client_key":{"type":"string","description_kind":"plain","optional":true,"sensitive":true},"client_key_pass":{"type":"string","description_kind":"plain","optional":true,"sensitive":true},"date_format":{"type":"string","description_kind":"plain","optional":true},"endpoint":{"type":"string","description_kind":"plain","required":true},"index_prefix":{"type":"string","description_kind":"plain","optional":true},"ssl_verify":{"type":"bool","description_kind":"plain","optional":true,"computed":true},"ssl_version":{"type":"string","description_kind":"plain","optional":true}},"description_kind":"plain"},"max_items":1},"fluentd_config":{"nesting_mode":"list","block":{"attributes":{"certificate":{"type":"string","description_kind":"plain","optional":true,"sensitive":true},"compress":{"type":"bool","description_kind":"plain","optional":true},"enable_tls":{"type":"bool","description_kind":"plain","optional":true}},"block_types":{"fluent_servers":{"nesting_mode":"list","block":{"attributes":{"endpoint":{"type":"string","description_kind":"plain","required":true},"hostname":{"type":"string","description_kind":"plain","optional":true},"password":{"type":"string","description_kind":"plain","optional":true,"sensitive":true},"shared_key":{"type":"string","description_kind":"plain","optional":true,"sensitive":true},"standby":{"type":"bool","description_kind":"plain","optional":true},"username":{"type":"string","description_kind":"plain","optional":true,"sensitive":true},"weight":{"type":"number","description_kind":"plain","optional":true}},"description_kind":"plain"},"min_items":1}},"description_kind":"plain"},"max_items":1},"kafka_config":{"nesting_mode":"list","block":{"attributes":{"broker_endpoints":{"type":["list","string"],"description_kind":"plain","optional":true},"certificate":{"type":"string","description_kind":"plain","optional":true,"sensitive":true},"client_cert":{"type":"string","description_kind":"plain","optional":true,"sensitive":true},"client_key":{"type":"string","description_kind":"plain","optional":true,"sensitive":true},"topic":{"type":"string","description_kind":"plain","required":true},"zookeeper_endpoint":{"type":"string","description_kind":"plain","optional":true}},"description_kind":"plain"},"max_items":1},"splunk_config":{"nesting_mode":"list","block":{"attributes":{"certificate":{"type":"string","description_kind":"plain","optional":true,"sensitive":true},"client_cert":{"type":"string","description_kind":"plain","optional":true,"sensitive":true},"client_key":{"type":"string","description_kind":"plain","optional":true,"sensitive":true},"client_key_pass":{"type":"string","description_kind":"plain","optional":true,"sensitive":true},"endpoint":{"type":"string","description_kind":"plain","required":true},"index":{"type":"string","description_kind":"plain","optional":true},"source":{"type":"string","description_kind":"plain","optional":true},"ssl_verify":{"type":"bool","description_kind":"plain","optional":true,"computed":true},"token":{"type":"string","description_kind":"plain","required":true,"sensitive":true}},"description_kind":"plain"},"max_items":1},"syslog_config":{"nesting_mode":"list","block":{"attributes":{"certificate":{"type":"string","description_kind":"plain","optional":true,"sensitive":true},"client_cert":{"type":"string","description_kind":"plain","optional":true,"sensitive":true},"client_key":{"type":"string","description_kind":"plain","optional":true,"sensitive":true},"endpoint":{"type":"string","description_kind":"plain","required":true},"program":{"type":"string","description_kind":"plain","optional":true},"protocol":{"type":"string","description_kind":"plain","optional":true},"severity":{"type":"string","description_kind":"plain","optional":true},"ssl_verify":{"type":"bool","description_kind":"plain","optional":true,"computed":true},"token":{"type":"string","description_kind":"plain","optional":true,"sensitive":true}},"description_kind":"plain"},"max_items":1},"timeouts":{"nesting_mode":"single","block":{"attributes":{"create":{"type":"string","description_kind":"plain","optional":true},"delete":{"type":"string","description_kind":"plain","optional":true},"update":{"type":"string","description_kind":"plain","optional":true}},"description_kind":"plain"}}},"description_kind":"plain"}},"rancher2_cluster_role_template_binding":{"version":0,"block":{"attributes":{"annotations":{"type":["map","string"],"description":"Annotations of the resource","description_kind":"plain","optional":true,"computed":true},"cluster_id":{"type":"string","description_kind":"plain","required":true},"group_id":{"type":"string","description_kind":"plain","optional":true},"group_principal_id":{"type":"string","description_kind":"plain","optional":true,"computed":true},"id":{"type":"string","description_kind":"plain","optional":true,"computed":true},"labels":{"type":["map","string"],"description":"Labels of the resource","description_kind":"plain","optional":true,"computed":true},"name":{"type":"string","description_kind":"plain","required":true},"role_template_id":{"type":"string","description_kind":"plain","required":true},"user_id":{"type":"string","description_kind":"plain","optional":true},"user_principal_id":{"type":"string","description_kind":"plain","optional":true,"computed":true}},"block_types":{"timeouts":{"nesting_mode":"single","block":{"attributes":{"create":{"type":"string","description_kind":"plain","optional":true},"delete":{"type":"string","description_kind":"plain","optional":true},"update":{"type":"string","description_kind":"plain","optional":true}},"description_kind":"plain"}}},"description_kind":"plain"}},"rancher2_cluster_sync":{"version":0,"block":{"attributes":{"cluster_id":{"type":"string","description":"Cluster id to sync","description_kind":"plain","required":true},"default_project_id":{"type":"string","description_kind":"plain","computed":true},"id":{"type":"string","description_kind":"plain","optional":true,"computed":true},"kube_config":{"type":"string","description_kind":"plain","computed":true,"sensitive":true},"node_pool_ids":{"type":["list","string"],"description":"Cluster node pool ids","description_kind":"plain","optional":true},"synced":{"type":"bool","description_kind":"plain","optional":true},"system_project_id":{"type":"string","description_kind":"plain","computed":true},"wait_monitoring":{"type":"bool","description":"Wait until monitoring is up and running","description_kind":"plain","optional":true}},"block_types":{"timeouts":{"nesting_mode":"single","block":{"attributes":{"create":{"type":"string","description_kind":"plain","optional":true},"delete":{"type":"string","description_kind":"plain","optional":true},"update":{"type":"string","description_kind":"plain","optional":true}},"description_kind":"plain"}}},"description_kind":"plain"}},"rancher2_cluster_template":{"version":0,"block":{"attributes":{"annotations":{"type":["map","string"],"description":"Annotations of the resource","description_kind":"plain","optional":true,"computed":true},"default_revision_id":{"type":"string","description":"Default cluster template revision ID","description_kind":"plain","computed":true},"description":{"type":"string","description":"Cluster template description","description_kind":"plain","optional":true},"id":{"type":"string","description_kind":"plain","optional":true,"computed":true},"labels":{"type":["map","string"],"description":"Labels of the resource","description_kind":"plain","optional":true,"computed":true},"name":{"type":"string","description":"Cluster template name","description_kind":"plain","required":true}},"block_types":{"members":{"nesting_mode":"list","block":{"attributes":{"access_type":{"type":"string","description":"Member access type: member, owner, read-only","description_kind":"plain","optional":true},"group_principal_id":{"type":"string","description":"Member group principal id","description_kind":"plain","optional":true},"user_principal_id":{"type":"string","description":"Member user principal id","description_kind":"plain","optional":true}},"description_kind":"plain"}},"template_revisions":{"nesting_mode":"list","block":{"attributes":{"annotations":{"type":["map","string"],"description":"Annotations of the resource","description_kind":"plain","optional":true,"computed":true},"cluster_template_id":{"type":"string","description":"Cluster template ID","description_kind":"plain","computed":true},"default":{"type":"bool","description":"Default cluster template revision","description_kind":"plain","optional":true},"enabled":{"type":"bool","description":"Enable cluster template revision","description_kind":"plain","optional":true},"id":{"type":"string","description":"Cluster template revision ID","description_kind":"plain","computed":true},"labels":{"type":["map","string"],"description":"Labels of the resource","description_kind":"plain","optional":true,"computed":true},"name":{"type":"string","description":"Cluster template revision name","description_kind":"plain","required":true}},"block_types":{"cluster_config":{"nesting_mode":"list","block":{"attributes":{"default_cluster_role_for_project_members":{"type":"string","description":"Default cluster role for project members","description_kind":"plain","optional":true,"computed":true},"default_pod_security_policy_template_id":{"type":"string","description":"Default pod security policy template ID","description_kind":"plain","optional":true,"computed":true},"desired_agent_image":{"type":"string","description":"Desired agent image","description_kind":"plain","optional":true,"computed":true},"desired_auth_image":{"type":"string","description":"Desired auth image","description_kind":"plain","optional":true,"computed":true},"docker_root_dir":{"type":"string","description":"Docker Root Dir","description_kind":"plain","optional":true,"computed":true},"enable_cluster_alerting":{"type":"bool","description":"Enable built-in cluster alerting","description_kind":"plain","optional":true},"enable_cluster_monitoring":{"type":"bool","description":"Enable built-in cluster monitoring","description_kind":"plain","optional":true},"enable_network_policy":{"type":"bool","description":"Enable project network isolation","description_kind":"plain","optional":true},"windows_prefered_cluster":{"type":"bool","description":"Windows prefered cluster","description_kind":"plain","optional":true}},"block_types":{"cluster_auth_endpoint":{"nesting_mode":"list","block":{"attributes":{"ca_certs":{"type":"string","description_kind":"plain","optional":true},"enabled":{"type":"bool","description_kind":"plain","optional":true},"fqdn":{"type":"string","description_kind":"plain","optional":true}},"description_kind":"plain"},"max_items":1},"rke_config":{"nesting_mode":"list","block":{"attributes":{"addon_job_timeout":{"type":"number","description":"Optional duration in seconds of addon job.","description_kind":"plain","optional":true,"computed":true},"addons":{"type":"string","description":"Optional addons descripton to deploy on rke cluster.","description_kind":"plain","optional":true},"addons_include":{"type":["list","string"],"description":"Optional addons yaml manisfest to deploy on rke cluster.","description_kind":"plain","optional":true},"ignore_docker_version":{"type":"bool","description":"Optional ignore docker version on nodes","description_kind":"plain","optional":true},"kubernetes_version":{"type":"string","description":"Optional kubernetes version to deploy","description_kind":"plain","optional":true,"computed":true},"prefix_path":{"type":"string","description":"Optional prefix to customize kubernetes path","description_kind":"plain","optional":true,"computed":true},"ssh_agent_auth":{"type":"bool","description":"Optional use ssh agent auth","description_kind":"plain","optional":true},"ssh_cert_path":{"type":"string","description":"Optional cluster level SSH certificate path","description_kind":"plain","optional":true,"computed":true},"ssh_key_path":{"type":"string","description":"Optional cluster level SSH private key path","description_kind":"plain","optional":true,"computed":true}},"block_types":{"authentication":{"nesting_mode":"list","block":{"attributes":{"sans":{"type":["list","string"],"description_kind":"plain","optional":true,"computed":true},"strategy":{"type":"string","description_kind":"plain","optional":true,"computed":true}},"description_kind":"plain"},"max_items":1},"authorization":{"nesting_mode":"list","block":{"attributes":{"mode":{"type":"string","description_kind":"plain","optional":true},"options":{"type":["map","string"],"description_kind":"plain","optional":true,"computed":true}},"description_kind":"plain"},"max_items":1},"bastion_host":{"nesting_mode":"list","block":{"attributes":{"address":{"type":"string","description_kind":"plain","required":true},"port":{"type":"string","description_kind":"plain","optional":true},"ssh_agent_auth":{"type":"bool","description_kind":"plain","optional":true},"ssh_key":{"type":"string","description_kind":"plain","optional":true,"computed":true,"sensitive":true},"ssh_key_path":{"type":"string","description_kind":"plain","optional":true,"computed":true},"user":{"type":"string","description_kind":"plain","required":true}},"description_kind":"plain"},"max_items":1},"cloud_provider":{"nesting_mode":"list","block":{"attributes":{"custom_cloud_provider":{"type":"string","description_kind":"plain","optional":true,"computed":true},"name":{"type":"string","description_kind":"plain","optional":true,"computed":true}},"block_types":{"aws_cloud_provider":{"nesting_mode":"list","block":{"block_types":{"global":{"nesting_mode":"list","block":{"attributes":{"disable_security_group_ingress":{"type":"bool","description_kind":"plain","optional":true},"disable_strict_zone_check":{"type":"bool","description_kind":"plain","optional":true},"elb_security_group":{"type":"string","description_kind":"plain","optional":true,"computed":true},"kubernetes_cluster_id":{"type":"string","description_kind":"plain","optional":true,"computed":true},"kubernetes_cluster_tag":{"type":"string","description_kind":"plain","optional":true,"computed":true},"role_arn":{"type":"string","description_kind":"plain","optional":true,"computed":true},"route_table_id":{"type":"string","description_kind":"plain","optional":true,"computed":true},"subnet_id":{"type":"string","description_kind":"plain","optional":true,"computed":true},"vpc":{"type":"string","description_kind":"plain","optional":true,"computed":true},"zone":{"type":"string","description_kind":"plain","optional":true,"computed":true}},"description_kind":"plain"},"max_items":1},"service_override":{"nesting_mode":"list","block":{"attributes":{"region":{"type":"string","description_kind":"plain","optional":true,"computed":true},"service":{"type":"string","description_kind":"plain","required":true},"signing_method":{"type":"string","description_kind":"plain","optional":true,"computed":true},"signing_name":{"type":"string","description_kind":"plain","optional":true,"computed":true},"signing_region":{"type":"string","description_kind":"plain","optional":true,"computed":true},"url":{"type":"string","description_kind":"plain","optional":true,"computed":true}},"description_kind":"plain"}}},"description_kind":"plain"},"max_items":1},"azure_cloud_provider":{"nesting_mode":"list","block":{"attributes":{"aad_client_cert_password":{"type":"string","description_kind":"plain","optional":true,"computed":true,"sensitive":true},"aad_client_cert_path":{"type":"string","description_kind":"plain","optional":true,"computed":true},"aad_client_id":{"type":"string","description_kind":"plain","required":true,"sensitive":true},"aad_client_secret":{"type":"string","description_kind":"plain","required":true,"sensitive":true},"cloud":{"type":"string","description_kind":"plain","optional":true,"computed":true},"cloud_provider_backoff":{"type":"bool","description_kind":"plain","optional":true,"computed":true},"cloud_provider_backoff_duration":{"type":"number","description_kind":"plain","optional":true,"computed":true},"cloud_provider_backoff_exponent":{"type":"number","description_kind":"plain","optional":true,"computed":true},"cloud_provider_backoff_jitter":{"type":"number","description_kind":"plain","optional":true,"computed":true},"cloud_provider_backoff_retries":{"type":"number","description_kind":"plain","optional":true,"computed":true},"cloud_provider_rate_limit":{"type":"bool","description_kind":"plain","optional":true,"computed":true},"cloud_provider_rate_limit_bucket":{"type":"number","description_kind":"plain","optional":true,"computed":true},"cloud_provider_rate_limit_qps":{"type":"number","description_kind":"plain","optional":true,"computed":true},"load_balancer_sku":{"type":"string","description":"Load balancer type (basic | standard). Must be standard for auto-scaling","description_kind":"plain","optional":true},"location":{"type":"string","description_kind":"plain","optional":true,"computed":true},"maximum_load_balancer_rule_count":{"type":"number","description_kind":"plain","optional":true,"computed":true},"primary_availability_set_name":{"type":"string","description_kind":"plain","optional":true,"computed":true},"primary_scale_set_name":{"type":"string","description_kind":"plain","optional":true,"computed":true},"resource_group":{"type":"string","description_kind":"plain","optional":true,"computed":true},"route_table_name":{"type":"string","description_kind":"plain","optional":true,"computed":true},"security_group_name":{"type":"string","description_kind":"plain","optional":true,"computed":true},"subnet_name":{"type":"string","description_kind":"plain","optional":true,"computed":true},"subscription_id":{"type":"string","description_kind":"plain","required":true,"sensitive":true},"tenant_id":{"type":"string","description_kind":"plain","required":true,"sensitive":true},"use_instance_metadata":{"type":"bool","description_kind":"plain","optional":true,"computed":true},"use_managed_identity_extension":{"type":"bool","description_kind":"plain","optional":true,"computed":true},"vm_type":{"type":"string","description_kind":"plain","optional":true,"computed":true},"vnet_name":{"type":"string","description_kind":"plain","optional":true,"computed":true},"vnet_resource_group":{"type":"string","description_kind":"plain","optional":true,"computed":true}},"description_kind":"plain"},"max_items":1},"openstack_cloud_provider":{"nesting_mode":"list","block":{"block_types":{"block_storage":{"nesting_mode":"list","block":{"attributes":{"bs_version":{"type":"string","description_kind":"plain","optional":true,"computed":true},"ignore_volume_az":{"type":"bool","description_kind":"plain","optional":true,"computed":true},"trust_device_path":{"type":"bool","description_kind":"plain","optional":true,"computed":true}},"description_kind":"plain"},"max_items":1},"global":{"nesting_mode":"list","block":{"attributes":{"auth_url":{"type":"string","description_kind":"plain","required":true},"ca_file":{"type":"string","description_kind":"plain","optional":true,"computed":true},"domain_id":{"type":"string","description_kind":"plain","optional":true,"computed":true,"sensitive":true},"domain_name":{"type":"string","description_kind":"plain","optional":true,"computed":true},"password":{"type":"string","description_kind":"plain","required":true,"sensitive":true},"region":{"type":"string","description_kind":"plain","optional":true,"computed":true},"tenant_id":{"type":"string","description_kind":"plain","optional":true,"computed":true,"sensitive":true},"tenant_name":{"type":"string","description_kind":"plain","optional":true,"computed":true},"trust_id":{"type":"string","description_kind":"plain","optional":true,"computed":true,"sensitive":true},"username":{"type":"string","description_kind":"plain","required":true,"sensitive":true}},"description_kind":"plain"},"min_items":1,"max_items":1},"load_balancer":{"nesting_mode":"list","block":{"attributes":{"create_monitor":{"type":"bool","description_kind":"plain","optional":true,"computed":true},"floating_network_id":{"type":"string","description_kind":"plain","optional":true,"computed":true},"lb_method":{"type":"string","description_kind":"plain","optional":true,"computed":true},"lb_provider":{"type":"string","description_kind":"plain","optional":true,"computed":true},"lb_version":{"type":"string","description_kind":"plain","optional":true,"computed":true},"manage_security_groups":{"type":"bool","description_kind":"plain","optional":true,"computed":true},"monitor_delay":{"type":"string","description_kind":"plain","optional":true},"monitor_max_retries":{"type":"number","description_kind":"plain","optional":true},"monitor_timeout":{"type":"string","description_kind":"plain","optional":true},"subnet_id":{"type":"string","description_kind":"plain","optional":true,"computed":true},"use_octavia":{"type":"bool","description_kind":"plain","optional":true,"computed":true}},"description_kind":"plain"},"max_items":1},"metadata":{"nesting_mode":"list","block":{"attributes":{"request_timeout":{"type":"number","description_kind":"plain","optional":true,"computed":true},"search_order":{"type":"string","description_kind":"plain","optional":true,"computed":true}},"description_kind":"plain"},"max_items":1},"route":{"nesting_mode":"list","block":{"attributes":{"router_id":{"type":"string","description_kind":"plain","optional":true,"computed":true}},"description_kind":"plain"},"max_items":1}},"description_kind":"plain"},"max_items":1},"vsphere_cloud_provider":{"nesting_mode":"list","block":{"block_types":{"disk":{"nesting_mode":"list","block":{"attributes":{"scsi_controller_type":{"type":"string","description_kind":"plain","optional":true,"computed":true}},"description_kind":"plain"},"max_items":1},"global":{"nesting_mode":"list","block":{"attributes":{"datacenters":{"type":"string","description_kind":"plain","optional":true,"computed":true},"insecure_flag":{"type":"bool","description_kind":"plain","optional":true,"computed":true},"password":{"type":"string","description_kind":"plain","optional":true,"computed":true,"sensitive":true},"port":{"type":"string","description_kind":"plain","optional":true,"computed":true},"soap_roundtrip_count":{"type":"number","description_kind":"plain","optional":true,"computed":true},"user":{"type":"string","description_kind":"plain","optional":true,"computed":true,"sensitive":true}},"description_kind":"plain"},"max_items":1},"network":{"nesting_mode":"list","block":{"attributes":{"public_network":{"type":"string","description_kind":"plain","optional":true,"computed":true}},"description_kind":"plain"},"max_items":1},"virtual_center":{"nesting_mode":"list","block":{"attributes":{"datacenters":{"type":"string","description_kind":"plain","required":true},"name":{"type":"string","description_kind":"plain","required":true},"password":{"type":"string","description_kind":"plain","required":true,"sensitive":true},"port":{"type":"string","description_kind":"plain","optional":true,"computed":true},"soap_roundtrip_count":{"type":"number","description_kind":"plain","optional":true,"computed":true},"user":{"type":"string","description_kind":"plain","required":true,"sensitive":true}},"description_kind":"plain"},"min_items":1},"workspace":{"nesting_mode":"list","block":{"attributes":{"datacenter":{"type":"string","description_kind":"plain","required":true},"default_datastore":{"type":"string","description_kind":"plain","optional":true,"computed":true},"folder":{"type":"string","description_kind":"plain","required":true},"resourcepool_path":{"type":"string","description_kind":"plain","optional":true,"computed":true},"server":{"type":"string","description_kind":"plain","required":true}},"description_kind":"plain"},"min_items":1,"max_items":1}},"description_kind":"plain"},"max_items":1}},"description_kind":"plain"},"max_items":1},"dns":{"nesting_mode":"list","block":{"attributes":{"node_selector":{"type":["map","string"],"description_kind":"plain","optional":true,"computed":true},"provider":{"type":"string","description_kind":"plain","optional":true},"reverse_cidrs":{"type":["list","string"],"description_kind":"plain","optional":true,"computed":true},"upstream_nameservers":{"type":["list","string"],"description_kind":"plain","optional":true,"computed":true}},"block_types":{"nodelocal":{"nesting_mode":"list","block":{"attributes":{"ip_address":{"type":"string","description_kind":"plain","optional":true},"node_selector":{"type":["map","string"],"description":"Node selector key pair","description_kind":"plain","optional":true}},"description_kind":"plain"},"max_items":1}},"description_kind":"plain"},"max_items":1},"ingress":{"nesting_mode":"list","block":{"attributes":{"dns_policy":{"type":"string","description_kind":"plain","optional":true,"computed":true},"extra_args":{"type":["map","string"],"description_kind":"plain","optional":true,"computed":true},"node_selector":{"type":["map","string"],"description_kind":"plain","optional":true,"computed":true},"options":{"type":["map","string"],"description_kind":"plain","optional":true,"computed":true},"provider":{"type":"string","description_kind":"plain","optional":true,"computed":true}},"description_kind":"plain"},"max_items":1},"monitoring":{"nesting_mode":"list","block":{"attributes":{"node_selector":{"type":["map","string"],"description_kind":"plain","optional":true},"options":{"type":["map","string"],"description_kind":"plain","optional":true,"computed":true},"provider":{"type":"string","description_kind":"plain","optional":true,"computed":true},"replicas":{"type":"number","description_kind":"plain","optional":true,"computed":true}},"block_types":{"update_strategy":{"nesting_mode":"list","block":{"attributes":{"strategy":{"type":"string","description":"Strategy","description_kind":"plain","optional":true}},"block_types":{"rolling_update":{"nesting_mode":"list","block":{"attributes":{"max_surge":{"type":"number","description":"Rolling update max surge","description_kind":"plain","optional":true},"max_unavailable":{"type":"number","description":"Rolling update max unavailable","description_kind":"plain","optional":true}},"description_kind":"plain"},"max_items":1}},"description_kind":"plain"},"max_items":1}},"description_kind":"plain"},"max_items":1},"network":{"nesting_mode":"list","block":{"attributes":{"mtu":{"type":"number","description_kind":"plain","optional":true},"options":{"type":["map","string"],"description_kind":"plain","optional":true,"computed":true},"plugin":{"type":"string","description_kind":"plain","optional":true,"computed":true}},"block_types":{"calico_network_provider":{"nesting_mode":"list","block":{"attributes":{"cloud_provider":{"type":"string","description_kind":"plain","optional":true,"computed":true}},"description_kind":"plain"},"max_items":1},"canal_network_provider":{"nesting_mode":"list","block":{"attributes":{"iface":{"type":"string","description_kind":"plain","optional":true,"computed":true}},"description_kind":"plain"},"max_items":1},"flannel_network_provider":{"nesting_mode":"list","block":{"attributes":{"iface":{"type":"string","description_kind":"plain","optional":true,"computed":true}},"description_kind":"plain"},"max_items":1},"weave_network_provider":{"nesting_mode":"list","block":{"attributes":{"password":{"type":"string","description_kind":"plain","required":true}},"description_kind":"plain"},"max_items":1}},"description_kind":"plain"},"max_items":1},"nodes":{"nesting_mode":"list","block":{"attributes":{"address":{"type":"string","description_kind":"plain","required":true},"docker_socket":{"type":"string","description_kind":"plain","optional":true,"computed":true},"hostname_override":{"type":"string","description_kind":"plain","optional":true},"internal_address":{"type":"string","description_kind":"plain","optional":true},"labels":{"type":["map","string"],"description_kind":"plain","optional":true},"node_id":{"type":"string","description_kind":"plain","optional":true},"port":{"type":"string","description_kind":"plain","optional":true},"role":{"type":["list","string"],"description_kind":"plain","required":true},"ssh_agent_auth":{"type":"bool","description_kind":"plain","optional":true},"ssh_key":{"type":"string","description_kind":"plain","optional":true,"computed":true,"sensitive":true},"ssh_key_path":{"type":"string","description_kind":"plain","optional":true,"computed":true},"user":{"type":"string","description_kind":"plain","required":true,"sensitive":true}},"description_kind":"plain"}},"private_registries":{"nesting_mode":"list","block":{"attributes":{"is_default":{"type":"bool","description_kind":"plain","optional":true},"password":{"type":"string","description_kind":"plain","optional":true,"sensitive":true},"url":{"type":"string","description_kind":"plain","required":true},"user":{"type":"string","description_kind":"plain","optional":true,"sensitive":true}},"description_kind":"plain"}},"services":{"nesting_mode":"list","block":{"block_types":{"etcd":{"nesting_mode":"list","block":{"attributes":{"ca_cert":{"type":"string","description_kind":"plain","optional":true,"computed":true},"cert":{"type":"string","description_kind":"plain","optional":true,"computed":true,"sensitive":true},"creation":{"type":"string","description_kind":"plain","optional":true,"computed":true},"external_urls":{"type":["list","string"],"description_kind":"plain","optional":true},"extra_args":{"type":["map","string"],"description_kind":"plain","optional":true,"computed":true},"extra_binds":{"type":["list","string"],"description_kind":"plain","optional":true},"extra_env":{"type":["list","string"],"description_kind":"plain","optional":true},"gid":{"type":"number","description_kind":"plain","optional":true},"image":{"type":"string","description_kind":"plain","optional":true,"computed":true},"key":{"type":"string","description_kind":"plain","optional":true,"computed":true,"sensitive":true},"path":{"type":"string","description_kind":"plain","optional":true,"computed":true},"retention":{"type":"string","description_kind":"plain","optional":true,"computed":true},"snapshot":{"type":"bool","description_kind":"plain","optional":true,"computed":true},"uid":{"type":"number","description_kind":"plain","optional":true}},"block_types":{"backup_config":{"nesting_mode":"list","block":{"attributes":{"enabled":{"type":"bool","description_kind":"plain","optional":true},"interval_hours":{"type":"number","description_kind":"plain","optional":true},"retention":{"type":"number","description_kind":"plain","optional":true},"safe_timestamp":{"type":"bool","description_kind":"plain","optional":true}},"block_types":{"s3_backup_config":{"nesting_mode":"list","block":{"attributes":{"access_key":{"type":"string","description_kind":"plain","optional":true,"sensitive":true},"bucket_name":{"type":"string","description_kind":"plain","required":true},"custom_ca":{"type":"string","description_kind":"plain","optional":true},"endpoint":{"type":"string","description_kind":"plain","required":true},"folder":{"type":"string","description_kind":"plain","optional":true},"region":{"type":"string","description_kind":"plain","optional":true},"secret_key":{"type":"string","description_kind":"plain","optional":true,"sensitive":true}},"description_kind":"plain"},"max_items":1}},"description_kind":"plain"},"max_items":1}},"description_kind":"plain"},"max_items":1},"kube_api":{"nesting_mode":"list","block":{"attributes":{"admission_configuration":{"type":["map","string"],"description_kind":"plain","optional":true},"always_pull_images":{"type":"bool","description_kind":"plain","optional":true},"extra_args":{"type":["map","string"],"description_kind":"plain","optional":true,"computed":true},"extra_binds":{"type":["list","string"],"description_kind":"plain","optional":true},"extra_env":{"type":["list","string"],"description_kind":"plain","optional":true},"image":{"type":"string","description_kind":"plain","optional":true,"computed":true},"pod_security_policy":{"type":"bool","description_kind":"plain","optional":true},"service_cluster_ip_range":{"type":"string","description_kind":"plain","optional":true,"computed":true},"service_node_port_range":{"type":"string","description_kind":"plain","optional":true,"computed":true}},"block_types":{"audit_log":{"nesting_mode":"list","block":{"attributes":{"enabled":{"type":"bool","description_kind":"plain","optional":true}},"block_types":{"configuration":{"nesting_mode":"list","block":{"attributes":{"format":{"type":"string","description_kind":"plain","optional":true},"max_age":{"type":"number","description_kind":"plain","optional":true},"max_backup":{"type":"number","description_kind":"plain","optional":true},"max_size":{"type":"number","description_kind":"plain","optional":true},"path":{"type":"string","description_kind":"plain","optional":true},"policy":{"type":"string","description_kind":"plain","optional":true,"computed":true}},"description_kind":"plain"},"max_items":1}},"description_kind":"plain"},"max_items":1},"event_rate_limit":{"nesting_mode":"list","block":{"attributes":{"configuration":{"type":["map","string"],"description_kind":"plain","optional":true},"enabled":{"type":"bool","description_kind":"plain","optional":true}},"description_kind":"plain"},"max_items":1},"secrets_encryption_config":{"nesting_mode":"list","block":{"attributes":{"custom_config":{"type":["map","string"],"description_kind":"plain","optional":true},"enabled":{"type":"bool","description_kind":"plain","optional":true}},"description_kind":"plain"},"max_items":1}},"description_kind":"plain"},"max_items":1},"kube_controller":{"nesting_mode":"list","block":{"attributes":{"cluster_cidr":{"type":"string","description_kind":"plain","optional":true,"computed":true},"extra_args":{"type":["map","string"],"description_kind":"plain","optional":true,"computed":true},"extra_binds":{"type":["list","string"],"description_kind":"plain","optional":true},"extra_env":{"type":["list","string"],"description_kind":"plain","optional":true},"image":{"type":"string","description_kind":"plain","optional":true,"computed":true},"service_cluster_ip_range":{"type":"string","description_kind":"plain","optional":true,"computed":true}},"description_kind":"plain"},"max_items":1},"kubelet":{"nesting_mode":"list","block":{"attributes":{"cluster_dns_server":{"type":"string","description_kind":"plain","optional":true,"computed":true},"cluster_domain":{"type":"string","description_kind":"plain","optional":true,"computed":true},"extra_args":{"type":["map","string"],"description_kind":"plain","optional":true,"computed":true},"extra_binds":{"type":["list","string"],"description_kind":"plain","optional":true},"extra_env":{"type":["list","string"],"description_kind":"plain","optional":true},"fail_swap_on":{"type":"bool","description_kind":"plain","optional":true,"computed":true},"generate_serving_certificate":{"type":"bool","description_kind":"plain","optional":true},"image":{"type":"string","description_kind":"plain","optional":true,"computed":true},"infra_container_image":{"type":"string","description_kind":"plain","optional":true,"computed":true}},"description_kind":"plain"},"max_items":1},"kubeproxy":{"nesting_mode":"list","block":{"attributes":{"extra_args":{"type":["map","string"],"description_kind":"plain","optional":true,"computed":true},"extra_binds":{"type":["list","string"],"description_kind":"plain","optional":true},"extra_env":{"type":["list","string"],"description_kind":"plain","optional":true},"image":{"type":"string","description_kind":"plain","optional":true,"computed":true}},"description_kind":"plain"},"max_items":1},"scheduler":{"nesting_mode":"list","block":{"attributes":{"extra_args":{"type":["map","string"],"description_kind":"plain","optional":true,"computed":true},"extra_binds":{"type":["list","string"],"description_kind":"plain","optional":true},"extra_env":{"type":["list","string"],"description_kind":"plain","optional":true},"image":{"type":"string","description_kind":"plain","optional":true,"computed":true}},"description_kind":"plain"},"max_items":1}},"description_kind":"plain"},"max_items":1},"upgrade_strategy":{"nesting_mode":"list","block":{"attributes":{"drain":{"type":"bool","description_kind":"plain","optional":true},"max_unavailable_controlplane":{"type":"string","description_kind":"plain","optional":true},"max_unavailable_worker":{"type":"string","description_kind":"plain","optional":true}},"block_types":{"drain_input":{"nesting_mode":"list","block":{"attributes":{"delete_local_data":{"type":"bool","description_kind":"plain","optional":true},"force":{"type":"bool","description_kind":"plain","optional":true},"grace_period":{"type":"number","description_kind":"plain","optional":true},"ignore_daemon_sets":{"type":"bool","description_kind":"plain","optional":true},"timeout":{"type":"number","description_kind":"plain","optional":true}},"description_kind":"plain"},"max_items":1}},"description_kind":"plain"},"max_items":1}},"description_kind":"plain"},"min_items":1,"max_items":1},"scheduled_cluster_scan":{"nesting_mode":"list","block":{"attributes":{"enabled":{"type":"bool","description":"Enable scheduled cluster scan","description_kind":"plain","optional":true}},"block_types":{"scan_config":{"nesting_mode":"list","block":{"block_types":{"cis_scan_config":{"nesting_mode":"list","block":{"attributes":{"debug_master":{"type":"bool","description":"Debug master","description_kind":"plain","optional":true},"debug_worker":{"type":"bool","description":"Debug worker","description_kind":"plain","optional":true},"override_benchmark_version":{"type":"string","description":"Override Benchmark Version","description_kind":"plain","optional":true},"override_skip":{"type":["list","string"],"description_kind":"plain","optional":true},"profile":{"type":"string","description":"Profile","description_kind":"plain","optional":true}},"description_kind":"plain"},"max_items":1}},"description_kind":"plain"},"min_items":1,"max_items":1},"schedule_config":{"nesting_mode":"list","block":{"attributes":{"cron_schedule":{"type":"string","description":"Crontab schedule","description_kind":"plain","required":true},"retention":{"type":"number","description":"Cluster scan retention","description_kind":"plain","optional":true,"computed":true}},"description_kind":"plain"},"min_items":1,"max_items":1}},"description_kind":"plain"},"max_items":1}},"description_kind":"plain"},"min_items":1,"max_items":1},"questions":{"nesting_mode":"list","block":{"attributes":{"default":{"type":"string","description":"Default variable value","description_kind":"plain","required":true},"required":{"type":"bool","description":"Required variable","description_kind":"plain","optional":true},"type":{"type":"string","description":"Variable type","description_kind":"plain","optional":true},"variable":{"type":"string","description":"Variable name","description_kind":"plain","required":true}},"description_kind":"plain"}}},"description_kind":"plain"}},"timeouts":{"nesting_mode":"single","block":{"attributes":{"create":{"type":"string","description_kind":"plain","optional":true},"delete":{"type":"string","description_kind":"plain","optional":true},"update":{"type":"string","description_kind":"plain","optional":true}},"description_kind":"plain"}}},"description_kind":"plain"}},"rancher2_etcd_backup":{"version":0,"block":{"attributes":{"annotations":{"type":["map","string"],"description":"Annotations of the resource","description_kind":"plain","optional":true,"computed":true},"cluster_id":{"type":"string","description_kind":"plain","required":true},"filename":{"type":"string","description_kind":"plain","optional":true,"computed":true},"id":{"type":"string","description_kind":"plain","optional":true,"computed":true},"labels":{"type":["map","string"],"description":"Labels of the resource","description_kind":"plain","optional":true,"computed":true},"manual":{"type":"bool","description_kind":"plain","optional":true},"name":{"type":"string","description_kind":"plain","optional":true,"computed":true},"namespace_id":{"type":"string","description_kind":"plain","optional":true,"computed":true}},"block_types":{"backup_config":{"nesting_mode":"list","block":{"attributes":{"enabled":{"type":"bool","description_kind":"plain","optional":true},"interval_hours":{"type":"number","description_kind":"plain","optional":true},"retention":{"type":"number","description_kind":"plain","optional":true},"safe_timestamp":{"type":"bool","description_kind":"plain","optional":true}},"block_types":{"s3_backup_config":{"nesting_mode":"list","block":{"attributes":{"access_key":{"type":"string","description_kind":"plain","optional":true,"sensitive":true},"bucket_name":{"type":"string","description_kind":"plain","required":true},"custom_ca":{"type":"string","description_kind":"plain","optional":true},"endpoint":{"type":"string","description_kind":"plain","required":true},"folder":{"type":"string","description_kind":"plain","optional":true},"region":{"type":"string","description_kind":"plain","optional":true},"secret_key":{"type":"string","description_kind":"plain","optional":true,"sensitive":true}},"description_kind":"plain"},"max_items":1}},"description_kind":"plain"},"max_items":1},"timeouts":{"nesting_mode":"single","block":{"attributes":{"create":{"type":"string","description_kind":"plain","optional":true},"delete":{"type":"string","description_kind":"plain","optional":true},"update":{"type":"string","description_kind":"plain","optional":true}},"description_kind":"plain"}}},"description_kind":"plain"}},"rancher2_global_role_binding":{"version":0,"block":{"attributes":{"annotations":{"type":["map","string"],"description":"Annotations of the resource","description_kind":"plain","optional":true,"computed":true},"global_role_id":{"type":"string","description_kind":"plain","required":true},"group_principal_id":{"type":"string","description_kind":"plain","optional":true,"computed":true},"id":{"type":"string","description_kind":"plain","optional":true,"computed":true},"labels":{"type":["map","string"],"description":"Labels of the resource","description_kind":"plain","optional":true,"computed":true},"name":{"type":"string","description_kind":"plain","optional":true,"computed":true},"user_id":{"type":"string","description_kind":"plain","optional":true,"computed":true}},"block_types":{"timeouts":{"nesting_mode":"single","block":{"attributes":{"create":{"type":"string","description_kind":"plain","optional":true},"delete":{"type":"string","description_kind":"plain","optional":true},"update":{"type":"string","description_kind":"plain","optional":true}},"description_kind":"plain"}}},"description_kind":"plain"}},"rancher2_multi_cluster_app":{"version":0,"block":{"attributes":{"annotations":{"type":["map","string"],"description":"Annotations of the resource","description_kind":"plain","optional":true,"computed":true},"catalog_name":{"type":"string","description":"Multi cluster app catalog name","description_kind":"plain","required":true},"id":{"type":"string","description_kind":"plain","optional":true,"computed":true},"labels":{"type":["map","string"],"description":"Labels of the resource","description_kind":"plain","optional":true,"computed":true},"name":{"type":"string","description":"Multi cluster app name","description_kind":"plain","required":true},"revision_history_limit":{"type":"number","description":"Multi cluster app revision history limit","description_kind":"plain","optional":true},"revision_id":{"type":"string","description":"Multi cluster app revision name","description_kind":"plain","optional":true,"computed":true},"roles":{"type":["list","string"],"description":"Multi cluster app roles","description_kind":"plain","required":true},"template_name":{"type":"string","description":"Multi cluster app template name","description_kind":"plain","required":true},"template_version":{"type":"string","description":"Multi cluster app template version","description_kind":"plain","optional":true,"computed":true},"template_version_id":{"type":"string","description":"Multi cluster app template version ID","description_kind":"plain","computed":true},"wait":{"type":"bool","description":"Wait until multi cluster app is active","description_kind":"plain","optional":true}},"block_types":{"answers":{"nesting_mode":"list","block":{"attributes":{"cluster_id":{"type":"string","description":"Cluster ID for answer","description_kind":"plain","optional":true,"computed":true},"project_id":{"type":"string","description":"Project ID for answer","description_kind":"plain","optional":true,"computed":true},"values":{"type":["map","string"],"description":"Key/values for answer","description_kind":"plain","optional":true,"computed":true}},"description_kind":"plain"}},"members":{"nesting_mode":"list","block":{"attributes":{"access_type":{"type":"string","description":"Member access type: member, owner, read-only","description_kind":"plain","optional":true},"group_principal_id":{"type":"string","description":"Member group principal id","description_kind":"plain","optional":true},"user_principal_id":{"type":"string","description":"Member user principal id","description_kind":"plain","optional":true}},"description_kind":"plain"}},"targets":{"nesting_mode":"list","block":{"attributes":{"app_id":{"type":"string","description":"App ID for target","description_kind":"plain","computed":true},"health_state":{"type":"string","description":"App health state for target","description_kind":"plain","computed":true},"project_id":{"type":"string","description":"Project ID for target","description_kind":"plain","required":true},"state":{"type":"string","description":"App state for target","description_kind":"plain","computed":true}},"description_kind":"plain"},"min_items":1},"timeouts":{"nesting_mode":"single","block":{"attributes":{"create":{"type":"string","description_kind":"plain","optional":true},"delete":{"type":"string","description_kind":"plain","optional":true},"update":{"type":"string","description_kind":"plain","optional":true}},"description_kind":"plain"}},"upgrade_strategy":{"nesting_mode":"list","block":{"block_types":{"rolling_update":{"nesting_mode":"list","block":{"attributes":{"batch_size":{"type":"number","description":"Rolling update batch size","description_kind":"plain","optional":true},"interval":{"type":"number","description":"Rolling update interval","description_kind":"plain","optional":true}},"description_kind":"plain"},"max_items":1}},"description_kind":"plain"},"max_items":1}},"description_kind":"plain"}},"rancher2_namespace":{"version":0,"block":{"attributes":{"annotations":{"type":["map","string"],"description":"Annotations of the resource","description_kind":"plain","optional":true,"computed":true},"description":{"type":"string","description":"Description of the k8s namespace managed by rancher v2","description_kind":"plain","optional":true},"id":{"type":"string","description_kind":"plain","optional":true,"computed":true},"labels":{"type":["map","string"],"description":"Labels of the resource","description_kind":"plain","optional":true,"computed":true},"name":{"type":"string","description":"Name of the k8s namespace managed by rancher v2","description_kind":"plain","required":true},"project_id":{"type":"string","description":"Project ID where k8s namespace belongs","description_kind":"plain","required":true},"wait_for_cluster":{"type":"bool","description":"Wait for cluster becomes active","description_kind":"plain","optional":true}},"block_types":{"container_resource_limit":{"nesting_mode":"list","block":{"attributes":{"limits_cpu":{"type":"string","description_kind":"plain","optional":true},"limits_memory":{"type":"string","description_kind":"plain","optional":true},"requests_cpu":{"type":"string","description_kind":"plain","optional":true},"requests_memory":{"type":"string","description_kind":"plain","optional":true}},"description_kind":"plain"},"max_items":1},"resource_quota":{"nesting_mode":"list","block":{"block_types":{"limit":{"nesting_mode":"list","block":{"attributes":{"config_maps":{"type":"string","description_kind":"plain","optional":true},"limits_cpu":{"type":"string","description_kind":"plain","optional":true},"limits_memory":{"type":"string","description_kind":"plain","optional":true},"persistent_volume_claims":{"type":"string","description_kind":"plain","optional":true},"pods":{"type":"string","description_kind":"plain","optional":true},"replication_controllers":{"type":"string","description_kind":"plain","optional":true},"requests_cpu":{"type":"string","description_kind":"plain","optional":true},"requests_memory":{"type":"string","description_kind":"plain","optional":true},"requests_storage":{"type":"string","description_kind":"plain","optional":true},"secrets":{"type":"string","description_kind":"plain","optional":true},"services":{"type":"string","description_kind":"plain","optional":true},"services_load_balancers":{"type":"string","description_kind":"plain","optional":true},"services_node_ports":{"type":"string","description_kind":"plain","optional":true}},"description_kind":"plain"},"min_items":1,"max_items":1}},"description_kind":"plain"},"max_items":1},"timeouts":{"nesting_mode":"single","block":{"attributes":{"create":{"type":"string","description_kind":"plain","optional":true},"delete":{"type":"string","description_kind":"plain","optional":true},"update":{"type":"string","description_kind":"plain","optional":true}},"description_kind":"plain"}}},"description_kind":"plain"}},"rancher2_node_driver":{"version":0,"block":{"attributes":{"active":{"type":"bool","description_kind":"plain","required":true},"annotations":{"type":["map","string"],"description":"Annotations of the resource","description_kind":"plain","optional":true,"computed":true},"builtin":{"type":"bool","description_kind":"plain","required":true},"checksum":{"type":"string","description_kind":"plain","optional":true},"description":{"type":"string","description_kind":"plain","optional":true},"external_id":{"type":"string","description_kind":"plain","optional":true},"id":{"type":"string","description_kind":"plain","optional":true,"computed":true},"labels":{"type":["map","string"],"description":"Labels of the resource","description_kind":"plain","optional":true,"computed":true},"name":{"type":"string","description_kind":"plain","required":true},"ui_url":{"type":"string","description_kind":"plain","optional":true},"url":{"type":"string","description_kind":"plain","required":true},"whitelist_domains":{"type":["list","string"],"description_kind":"plain","optional":true}},"block_types":{"timeouts":{"nesting_mode":"single","block":{"attributes":{"create":{"type":"string","description_kind":"plain","optional":true},"delete":{"type":"string","description_kind":"plain","optional":true},"update":{"type":"string","description_kind":"plain","optional":true}},"description_kind":"plain"}}},"description_kind":"plain"}},"rancher2_node_pool":{"version":0,"block":{"attributes":{"annotations":{"type":["map","string"],"description":"Annotations of the resource","description_kind":"plain","optional":true,"computed":true},"cluster_id":{"type":"string","description_kind":"plain","required":true},"control_plane":{"type":"bool","description_kind":"plain","optional":true},"delete_not_ready_after_secs":{"type":"number","description_kind":"plain","optional":true},"etcd":{"type":"bool","description_kind":"plain","optional":true},"hostname_prefix":{"type":"string","description_kind":"plain","required":true},"id":{"type":"string","description_kind":"plain","optional":true,"computed":true},"labels":{"type":["map","string"],"description":"Labels of the resource","description_kind":"plain","optional":true,"computed":true},"name":{"type":"string","description_kind":"plain","required":true},"node_template_id":{"type":"string","description_kind":"plain","required":true},"quantity":{"type":"number","description_kind":"plain","optional":true},"worker":{"type":"bool","description_kind":"plain","optional":true}},"block_types":{"node_taints":{"nesting_mode":"list","block":{"attributes":{"effect":{"type":"string","description_kind":"plain","optional":true},"key":{"type":"string","description_kind":"plain","required":true},"time_added":{"type":"string","description_kind":"plain","optional":true,"computed":true},"value":{"type":"string","description_kind":"plain","required":true}},"description_kind":"plain"}},"timeouts":{"nesting_mode":"single","block":{"attributes":{"create":{"type":"string","description_kind":"plain","optional":true},"delete":{"type":"string","description_kind":"plain","optional":true},"update":{"type":"string","description_kind":"plain","optional":true}},"description_kind":"plain"}}},"description_kind":"plain"}},"rancher2_node_template":{"version":0,"block":{"attributes":{"annotations":{"type":["map","string"],"description":"Annotations of the resource","description_kind":"plain","optional":true,"computed":true},"auth_certificate_authority":{"type":"string","description_kind":"plain","optional":true,"sensitive":true},"auth_key":{"type":"string","description_kind":"plain","optional":true,"sensitive":true},"cloud_credential_id":{"type":"string","description_kind":"plain","optional":true},"description":{"type":"string","description_kind":"plain","optional":true},"driver":{"type":"string","description_kind":"plain","computed":true},"driver_id":{"type":"string","description_kind":"plain","optional":true,"computed":true},"engine_env":{"type":["map","string"],"description_kind":"plain","optional":true},"engine_insecure_registry":{"type":["list","string"],"description_kind":"plain","optional":true},"engine_install_url":{"type":"string","description_kind":"plain","optional":true},"engine_label":{"type":["map","string"],"description_kind":"plain","optional":true},"engine_opt":{"type":["map","string"],"description_kind":"plain","optional":true},"engine_registry_mirror":{"type":["list","string"],"description_kind":"plain","optional":true},"engine_storage_driver":{"type":"string","description_kind":"plain","optional":true},"id":{"type":"string","description_kind":"plain","optional":true,"computed":true},"labels":{"type":["map","string"],"description":"Labels of the resource","description_kind":"plain","optional":true,"computed":true},"name":{"type":"string","description_kind":"plain","required":true},"use_internal_ip_address":{"type":"bool","description_kind":"plain","optional":true}},"block_types":{"amazonec2_config":{"nesting_mode":"list","block":{"attributes":{"access_key":{"type":"string","description":"AWS Access Key","description_kind":"plain","optional":true,"sensitive":true},"ami":{"type":"string","description":"AWS machine image","description_kind":"plain","required":true},"block_duration_minutes":{"type":"string","description":"AWS spot instance duration in minutes (60, 120, 180, 240, 300, or 360)","description_kind":"plain","optional":true},"device_name":{"type":"string","description":"AWS root device name","description_kind":"plain","optional":true},"encrypt_ebs_volume":{"type":"bool","description":"Encrypt EBS volume","description_kind":"plain","optional":true},"endpoint":{"type":"string","description":"Optional endpoint URL (hostname only or fully qualified URI)","description_kind":"plain","optional":true},"iam_instance_profile":{"type":"string","description":"AWS IAM Instance Profile","description_kind":"plain","optional":true},"insecure_transport":{"type":"bool","description":"Disable SSL when sending requests","description_kind":"plain","optional":true},"instance_type":{"type":"string","description":"AWS instance type","description_kind":"plain","optional":true},"keypair_name":{"type":"string","description":"AWS keypair to use; requires --amazonec2-ssh-keypath","description_kind":"plain","optional":true},"monitoring":{"type":"bool","description":"Set this flag to enable CloudWatch monitoring","description_kind":"plain","optional":true},"open_port":{"type":["list","string"],"description":"Make the specified port number accessible from the Internet","description_kind":"plain","optional":true},"private_address_only":{"type":"bool","description":"Only use a private IP address","description_kind":"plain","optional":true},"region":{"type":"string","description":"AWS Region","description_kind":"plain","required":true},"request_spot_instance":{"type":"bool","description":"Set this flag to request spot instance","description_kind":"plain","optional":true},"retries":{"type":"string","description":"Set retry count for recoverable failures (use -1 to disable)","description_kind":"plain","optional":true},"root_size":{"type":"string","description":"AWS root disk size (in GB)","description_kind":"plain","optional":true},"secret_key":{"type":"string","description":"AWS Secret Key","description_kind":"plain","optional":true,"sensitive":true},"security_group":{"type":["list","string"],"description":"AWS VPC security group","description_kind":"plain","required":true},"security_group_readonly":{"type":"bool","description":"Skip adding default rules to security groups","description_kind":"plain","optional":true},"session_token":{"type":"string","description":"AWS Session Token","description_kind":"plain","optional":true,"sensitive":true},"spot_price":{"type":"string","description":"AWS spot instance bid price (in dollar)","description_kind":"plain","optional":true},"ssh_keypath":{"type":"string","description":"SSH Key for Instance","description_kind":"plain","optional":true},"ssh_user":{"type":"string","description":"Set the name of the ssh user","description_kind":"plain","optional":true},"subnet_id":{"type":"string","description":"AWS VPC subnet id","description_kind":"plain","required":true},"tags":{"type":"string","description":"AWS Tags (e.g. key1,value1,key2,value2)","description_kind":"plain","optional":true},"use_ebs_optimized_instance":{"type":"bool","description":"Create an EBS optimized instance","description_kind":"plain","optional":true},"use_private_address":{"type":"bool","description":"Force the usage of private IP address","description_kind":"plain","optional":true},"userdata":{"type":"string","description":"Path to file with cloud-init user data","description_kind":"plain","optional":true},"volume_type":{"type":"string","description":"Amazon EBS volume type","description_kind":"plain","optional":true},"vpc_id":{"type":"string","description":"AWS VPC id","description_kind":"plain","required":true},"zone":{"type":"string","description":"AWS zone for instance (i.e. a,b,c,d,e)","description_kind":"plain","required":true}},"description_kind":"plain"},"max_items":1},"azure_config":{"nesting_mode":"list","block":{"attributes":{"availability_set":{"type":"string","description":"Azure Availability Set to place the virtual machine into","description_kind":"plain","optional":true},"client_id":{"type":"string","description":"Azure Service Principal Account ID (optional, browser auth is used if not specified)","description_kind":"plain","optional":true,"sensitive":true},"client_secret":{"type":"string","description":"Azure Service Principal Account password (optional, browser auth is used if not specified)","description_kind":"plain","optional":true,"sensitive":true},"custom_data":{"type":"string","description":"Path to file with custom-data","description_kind":"plain","optional":true},"disk_size":{"type":"string","description":"Disk size if using managed disk","description_kind":"plain","optional":true},"dns":{"type":"string","description":"A unique DNS label for the public IP adddress","description_kind":"plain","optional":true},"docker_port":{"type":"string","description":"Port number for Docker engine","description_kind":"plain","optional":true},"environment":{"type":"string","description":"Azure environment (e.g. AzurePublicCloud, AzureChinaCloud)","description_kind":"plain","optional":true},"fault_domain_count":{"type":"string","description":"Fault domain count to use for availability set","description_kind":"plain","optional":true},"image":{"type":"string","description":"Azure virtual machine OS image","description_kind":"plain","optional":true},"location":{"type":"string","description":"Azure region to create the virtual machine","description_kind":"plain","optional":true},"managed_disks":{"type":"bool","description":"Configures VM and availability set for managed disks","description_kind":"plain","optional":true},"no_public_ip":{"type":"bool","description":"Do not create a public IP address for the machine","description_kind":"plain","optional":true},"open_port":{"type":["list","string"],"description":"Make the specified port number accessible from the Internet","description_kind":"plain","optional":true},"private_ip_address":{"type":"string","description":"Specify a static private IP address for the machine","description_kind":"plain","optional":true},"resource_group":{"type":"string","description":"Azure Resource Group name (will be created if missing)","description_kind":"plain","optional":true},"size":{"type":"string","description":"Size for Azure Virtual Machine","description_kind":"plain","optional":true},"ssh_user":{"type":"string","description":"Username for SSH login","description_kind":"plain","optional":true},"static_public_ip":{"type":"bool","description":"Assign a static public IP address to the machine","description_kind":"plain","optional":true},"storage_type":{"type":"string","description":"Type of Storage Account to host the OS Disk for the machine","description_kind":"plain","optional":true},"subnet":{"type":"string","description":"Azure Subnet Name to be used within the Virtual Network","description_kind":"plain","optional":true},"subnet_prefix":{"type":"string","description":"Private CIDR block to be used for the new subnet, should comply RFC 1918","description_kind":"plain","optional":true},"subscription_id":{"type":"string","description":"Azure Subscription ID","description_kind":"plain","optional":true,"sensitive":true},"update_domain_count":{"type":"string","description":"Update domain count to use for availability set","description_kind":"plain","optional":true},"use_private_ip":{"type":"bool","description":"Use private IP address of the machine to connect","description_kind":"plain","optional":true},"vnet":{"type":"string","description":"Azure Virtual Network name to connect the virtual machine (in [resourcegroup:]name format)","description_kind":"plain","optional":true}},"description_kind":"plain"},"max_items":1},"digitalocean_config":{"nesting_mode":"list","block":{"attributes":{"access_token":{"type":"string","description":"Digital Ocean access token","description_kind":"plain","optional":true,"sensitive":true},"backups":{"type":"bool","description":"Enable backups for droplet","description_kind":"plain","optional":true},"image":{"type":"string","description":"Digital Ocean Image","description_kind":"plain","optional":true},"ipv6":{"type":"bool","description":"Enable ipv6 for droplet","description_kind":"plain","optional":true},"monitoring":{"type":"bool","description":"Enable monitoring for droplet","description_kind":"plain","optional":true},"private_networking":{"type":"bool","description":"Enable private networking for droplet","description_kind":"plain","optional":true},"region":{"type":"string","description":"Digital Ocean region","description_kind":"plain","optional":true},"size":{"type":"string","description":"Digital Ocean size","description_kind":"plain","optional":true},"ssh_key_fingerprint":{"type":"string","description":"SSH key fingerprint","description_kind":"plain","optional":true,"sensitive":true},"ssh_key_path":{"type":"string","description":"SSH private key path","description_kind":"plain","optional":true},"ssh_port":{"type":"string","description":"SSH port","description_kind":"plain","optional":true},"ssh_user":{"type":"string","description":"SSH username","description_kind":"plain","optional":true},"tags":{"type":"string","description":"Comma-separated list of tags to apply to the Droplet","description_kind":"plain","optional":true},"userdata":{"type":"string","description":"Path to file with cloud-init user-data","description_kind":"plain","optional":true}},"description_kind":"plain"},"max_items":1},"linode_config":{"nesting_mode":"list","block":{"attributes":{"authorized_users":{"type":"string","description":"Linode user accounts (seperated by commas) whose Linode SSH keys will be permitted root access to the created node","description_kind":"plain","optional":true},"create_private_ip":{"type":"bool","description":"Create private IP for the instance","description_kind":"plain","optional":true},"docker_port":{"type":"string","description":"Docker Port","description_kind":"plain","optional":true},"image":{"type":"string","description":"Specifies the Linode Instance image which determines the OS distribution and base files","description_kind":"plain","optional":true},"instance_type":{"type":"string","description":"Specifies the Linode Instance type which determines CPU, memory, disk size, etc.","description_kind":"plain","optional":true},"label":{"type":"string","description":"Linode Instance Label","description_kind":"plain","optional":true},"region":{"type":"string","description":"Specifies the region (location) of the Linode instance","description_kind":"plain","optional":true},"root_pass":{"type":"string","description":"Root Password","description_kind":"plain","optional":true,"sensitive":true},"ssh_port":{"type":"string","description":"Linode Instance SSH Port","description_kind":"plain","optional":true},"ssh_user":{"type":"string","description":"Specifies the user as which docker-machine should log in to the Linode instance to install Docker.","description_kind":"plain","optional":true},"stackscript":{"type":"string","description":"Specifies the Linode StackScript to use to create the instance","description_kind":"plain","optional":true},"stackscript_data":{"type":"string","description":"A JSON string specifying data for the selected StackScript","description_kind":"plain","optional":true},"swap_size":{"type":"string","description":"Linode Instance Swap Size (MB)","description_kind":"plain","optional":true},"tags":{"type":"string","description":"A comma separated list of tags to apply to the the Linode resource","description_kind":"plain","optional":true},"token":{"type":"string","description":"Linode API Token","description_kind":"plain","optional":true,"sensitive":true},"ua_prefix":{"type":"string","description":"Prefix the User-Agent in Linode API calls with some 'product/version'","description_kind":"plain","optional":true}},"description_kind":"plain"},"max_items":1},"opennebula_config":{"nesting_mode":"list","block":{"attributes":{"b2d_size":{"type":"string","description_kind":"plain","optional":true},"cpu":{"type":"string","description_kind":"plain","optional":true},"dev_prefix":{"type":"string","description_kind":"plain","optional":true},"disable_vnc":{"type":"bool","description_kind":"plain","optional":true},"disk_resize":{"type":"string","description_kind":"plain","optional":true},"image_id":{"type":"string","description_kind":"plain","optional":true},"image_name":{"type":"string","description_kind":"plain","optional":true},"image_owner":{"type":"string","description_kind":"plain","optional":true},"memory":{"type":"string","description_kind":"plain","optional":true},"network_id":{"type":"string","description_kind":"plain","optional":true},"network_name":{"type":"string","description_kind":"plain","optional":true},"network_owner":{"type":"string","description_kind":"plain","optional":true},"password":{"type":"string","description_kind":"plain","required":true,"sensitive":true},"ssh_user":{"type":"string","description_kind":"plain","optional":true},"template_id":{"type":"string","description_kind":"plain","optional":true},"template_name":{"type":"string","description_kind":"plain","optional":true},"user":{"type":"string","description_kind":"plain","required":true},"vcpu":{"type":"string","description_kind":"plain","optional":true},"xml_rpc_url":{"type":"string","description_kind":"plain","required":true}},"description_kind":"plain"},"max_items":1},"openstack_config":{"nesting_mode":"list","block":{"attributes":{"active_timeout":{"type":"string","description_kind":"plain","optional":true},"auth_url":{"type":"string","description_kind":"plain","required":true},"availability_zone":{"type":"string","description_kind":"plain","required":true},"cacert":{"type":"string","description_kind":"plain","optional":true},"config_drive":{"type":"bool","description_kind":"plain","optional":true},"domain_id":{"type":"string","description_kind":"plain","optional":true},"domain_name":{"type":"string","description_kind":"plain","optional":true},"endpoint_type":{"type":"string","description_kind":"plain","optional":true},"flavor_id":{"type":"string","description_kind":"plain","optional":true},"flavor_name":{"type":"string","description_kind":"plain","optional":true},"floating_ip_pool":{"type":"string","description_kind":"plain","optional":true},"image_id":{"type":"string","description_kind":"plain","optional":true},"image_name":{"type":"string","description_kind":"plain","optional":true},"insecure":{"type":"bool","description_kind":"plain","optional":true},"ip_version":{"type":"string","description_kind":"plain","optional":true},"keypair_name":{"type":"string","description_kind":"plain","optional":true},"net_id":{"type":"string","description_kind":"plain","optional":true},"net_name":{"type":"string","description_kind":"plain","optional":true},"nova_network":{"type":"bool","description_kind":"plain","optional":true},"password":{"type":"string","description_kind":"plain","optional":true,"sensitive":true},"private_key_file":{"type":"string","description_kind":"plain","optional":true,"sensitive":true},"region":{"type":"string","description_kind":"plain","required":true},"sec_groups":{"type":"string","description_kind":"plain","optional":true},"ssh_port":{"type":"string","description_kind":"plain","optional":true},"ssh_user":{"type":"string","description_kind":"plain","optional":true},"tenant_id":{"type":"string","description_kind":"plain","optional":true},"tenant_name":{"type":"string","description_kind":"plain","optional":true},"user_data_file":{"type":"string","description_kind":"plain","optional":true},"username":{"type":"string","description_kind":"plain","required":true}},"description_kind":"plain"},"max_items":1},"timeouts":{"nesting_mode":"single","block":{"attributes":{"create":{"type":"string","description_kind":"plain","optional":true},"delete":{"type":"string","description_kind":"plain","optional":true},"update":{"type":"string","description_kind":"plain","optional":true}},"description_kind":"plain"}},"vsphere_config":{"nesting_mode":"list","block":{"attributes":{"boot2docker_url":{"type":"string","description":"vSphere URL for boot2docker image","description_kind":"plain","optional":true},"cfgparam":{"type":["list","string"],"description":"vSphere vm configuration parameters (used for guestinfo)","description_kind":"plain","optional":true},"clone_from":{"type":"string","description":"If you choose creation type clone a name of what you want to clone is required","description_kind":"plain","optional":true},"cloud_config":{"type":"string","description":"Filepath to a cloud-config yaml file to put into the ISO user-data","description_kind":"plain","optional":true},"cloudinit":{"type":"string","description":"vSphere cloud-init filepath or url to add to guestinfo","description_kind":"plain","optional":true},"content_library":{"type":"string","description":"If you choose to clone from a content library template specify the name of the library","description_kind":"plain","optional":true},"cpu_count":{"type":"string","description":"vSphere CPU number for docker VM","description_kind":"plain","optional":true},"creation_type":{"type":"string","description":"Creation type when creating a new virtual machine. Supported values: vm, template, library, legacy","description_kind":"plain","optional":true},"custom_attributes":{"type":["list","string"],"description":"vSphere custom attributes, format key/value e.g. '200=my custom value'","description_kind":"plain","optional":true},"datacenter":{"type":"string","description":"vSphere datacenter for virtual machine","description_kind":"plain","optional":true},"datastore":{"type":"string","description":"vSphere datastore for virtual machine","description_kind":"plain","optional":true},"datastore_cluster":{"type":"string","description":"vSphere datastore cluster for virtual machine","description_kind":"plain","optional":true},"disk_size":{"type":"string","description":"vSphere size of disk for docker VM (in MB)","description_kind":"plain","optional":true},"folder":{"type":"string","description":"vSphere folder for the docker VM. This folder must already exist in the datacenter","description_kind":"plain","optional":true},"hostsystem":{"type":"string","description":"vSphere compute resource where the docker VM will be instantiated. This can be omitted if using a cluster with DRS","description_kind":"plain","optional":true},"memory_size":{"type":"string","description":"vSphere size of memory for docker VM (in MB)","description_kind":"plain","optional":true},"network":{"type":["list","string"],"description":"vSphere network where the virtual machine will be attached","description_kind":"plain","optional":true},"password":{"type":"string","description":"vSphere password","description_kind":"plain","optional":true,"sensitive":true},"pool":{"type":"string","description":"vSphere resource pool for docker VM","description_kind":"plain","optional":true},"ssh_password":{"type":"string","description":"If using a non-B2D image you can specify the ssh password","description_kind":"plain","optional":true,"sensitive":true},"ssh_port":{"type":"string","description":"If using a non-B2D image you can specify the ssh port","description_kind":"plain","optional":true},"ssh_user":{"type":"string","description":"If using a non-B2D image you can specify the ssh user","description_kind":"plain","optional":true},"ssh_user_group":{"type":"string","description":"If using a non-B2D image the uploaded keys will need chown'ed, defaults to staff e.g. docker:staff","description_kind":"plain","optional":true},"tags":{"type":["list","string"],"description":"vSphere tags id e.g. urn:xxx","description_kind":"plain","optional":true},"username":{"type":"string","description":"vSphere username","description_kind":"plain","optional":true},"vapp_ip_allocation_policy":{"type":"string","description":"vSphere vApp IP allocation policy. Supported values are: dhcp, fixed, transient and fixedAllocated","description_kind":"plain","optional":true},"vapp_ip_protocol":{"type":"string","description":"vSphere vApp IP protocol for this deployment. Supported values are: IPv4 and IPv6","description_kind":"plain","optional":true},"vapp_property":{"type":["list","string"],"description":"vSphere vApp properties","description_kind":"plain","optional":true},"vapp_transport":{"type":"string","description":"vSphere OVF environment transports to use for properties. Supported values are: iso and com.vmware.guestInfo","description_kind":"plain","optional":true},"vcenter":{"type":"string","description":"vSphere IP/hostname for vCenter","description_kind":"plain","optional":true},"vcenter_port":{"type":"string","description":"vSphere Port for vCenter","description_kind":"plain","optional":true}},"description_kind":"plain"},"max_items":1}},"description_kind":"plain"}},"rancher2_notifier":{"version":0,"block":{"attributes":{"annotations":{"type":["map","string"],"description":"Annotations of the resource","description_kind":"plain","optional":true,"computed":true},"cluster_id":{"type":"string","description":"Notifier cluster ID","description_kind":"plain","required":true},"description":{"type":"string","description":"Notifier description","description_kind":"plain","optional":true},"id":{"type":"string","description_kind":"plain","optional":true,"computed":true},"labels":{"type":["map","string"],"description":"Labels of the resource","description_kind":"plain","optional":true,"computed":true},"name":{"type":"string","description":"Notifier name","description_kind":"plain","required":true},"send_resolved":{"type":"bool","description":"Notifier send resolved","description_kind":"plain","optional":true}},"block_types":{"pagerduty_config":{"nesting_mode":"list","block":{"attributes":{"proxy_url":{"type":"string","description":"Pagerduty proxy URL","description_kind":"plain","optional":true},"service_key":{"type":"string","description":"Pagerduty service key","description_kind":"plain","required":true}},"description_kind":"plain"},"max_items":1},"slack_config":{"nesting_mode":"list","block":{"attributes":{"default_recipient":{"type":"string","description":"Slack default channel","description_kind":"plain","required":true},"proxy_url":{"type":"string","description":"Slack proxy URL","description_kind":"plain","optional":true},"url":{"type":"string","description":"Slack URL","description_kind":"plain","required":true}},"description_kind":"plain"},"max_items":1},"smtp_config":{"nesting_mode":"list","block":{"attributes":{"default_recipient":{"type":"string","description":"SMTP default recipient address","description_kind":"plain","required":true},"host":{"type":"string","description":"SMTP host","description_kind":"plain","required":true},"password":{"type":"string","description":"SMTP password","description_kind":"plain","optional":true,"sensitive":true},"port":{"type":"number","description":"SMTP port","description_kind":"plain","required":true},"sender":{"type":"string","description":"SMTP sender","description_kind":"plain","required":true},"tls":{"type":"bool","description":"SMTP TLS","description_kind":"plain","optional":true},"username":{"type":"string","description":"SMTP username","description_kind":"plain","optional":true}},"description_kind":"plain"},"max_items":1},"timeouts":{"nesting_mode":"single","block":{"attributes":{"create":{"type":"string","description_kind":"plain","optional":true},"delete":{"type":"string","description_kind":"plain","optional":true},"update":{"type":"string","description_kind":"plain","optional":true}},"description_kind":"plain"}},"webhook_config":{"nesting_mode":"list","block":{"attributes":{"proxy_url":{"type":"string","description":"Webhook proxy URL","description_kind":"plain","optional":true},"url":{"type":"string","description":"Webhook URL","description_kind":"plain","required":true}},"description_kind":"plain"},"max_items":1},"wechat_config":{"nesting_mode":"list","block":{"attributes":{"agent":{"type":"string","description":"Wechat application agent ID","description_kind":"plain","required":true},"corp":{"type":"string","description":"Wechat corporation ID","description_kind":"plain","required":true},"default_recipient":{"type":"string","description":"Wechat default channel","description_kind":"plain","required":true},"proxy_url":{"type":"string","description":"Wechat proxy URL","description_kind":"plain","optional":true},"recipient_type":{"type":"string","description":"Wechat recipient type","description_kind":"plain","optional":true},"secret":{"type":"string","description":"Wechat application secret","description_kind":"plain","required":true,"sensitive":true}},"description_kind":"plain"},"max_items":1}},"description_kind":"plain"}},"rancher2_pod_security_policy_template":{"version":0,"block":{"attributes":{"allow_privilege_escalation":{"type":"bool","description":"allowPrivilegeEscalation determines if a pod can request to allow privilege escalation. If unspecified, defaults to true.","description_kind":"plain","optional":true,"computed":true},"allowed_capabilities":{"type":["list","string"],"description":"allowedCapabilities is a list of capabilities that can be requested to add to the container. Capabilities in this field may be added at the pod author's discretion. You must not list a capability in both allowedCapabilities and requiredDropCapabilities.","description_kind":"plain","optional":true},"allowed_proc_mount_types":{"type":["list","string"],"description":"AllowedProcMountTypes is a whitelist of allowed ProcMountTypes. Empty or nil indicates that only the DefaultProcMountType may be used. This requires the ProcMountType feature flag to be enabled.","description_kind":"plain","optional":true},"allowed_unsafe_sysctls":{"type":["list","string"],"description":"allowedUnsafeSysctls is a list of explicitly allowed unsafe sysctls, defaults to none. Each entry is either a plain sysctl name or ends in \"*\" in which case it is considered as a prefix of allowed sysctls. Single * means all unsafe sysctls are allowed. Kubelet has to whitelist all allowed unsafe sysctls explicitly to avoid rejection.","description_kind":"plain","optional":true},"annotations":{"type":["map","string"],"description":"Annotations of the resource","description_kind":"plain","optional":true,"computed":true},"default_add_capabilities":{"type":["list","string"],"description":"defaultAddCapabilities is the default set of capabilities that will be added to the container unless the pod spec specifically drops the capability.  You may not list a capability in both defaultAddCapabilities and requiredDropCapabilities. Capabilities added here are implicitly allowed, and need not be included in the allowedCapabilities list.","description_kind":"plain","optional":true},"default_allow_privilege_escalation":{"type":"bool","description":"defaultAllowPrivilegeEscalation controls the default setting for whether a process can gain more privileges than its parent process.","description_kind":"plain","optional":true},"description":{"type":"string","description":"Pod Security Policy template policy description","description_kind":"plain","optional":true,"computed":true},"forbidden_sysctls":{"type":["list","string"],"description":"forbiddenSysctls is a list of explicitly forbidden sysctls, defaults to none. Each entry is either a plain sysctl name or ends in \"*\" in which case it is considered as a prefix of forbidden sysctls. Single * means all sysctls are forbidden.","description_kind":"plain","optional":true},"host_ipc":{"type":"bool","description":"hostIPC determines if the policy allows the use of HostIPC in the pod spec.","description_kind":"plain","optional":true,"computed":true},"host_network":{"type":"bool","description":"hostNetwork determines if the policy allows the use of HostNetwork in the pod spec.","description_kind":"plain","optional":true,"computed":true},"host_pid":{"type":"bool","description":"hostPID determines if the policy allows the use of HostPID in the pod spec.","description_kind":"plain","optional":true,"computed":true},"id":{"type":"string","description_kind":"plain","optional":true,"computed":true},"labels":{"type":["map","string"],"description":"Labels of the resource","description_kind":"plain","optional":true,"computed":true},"name":{"type":"string","description":"Pod Security Policy template policy name","description_kind":"plain","required":true},"privileged":{"type":"bool","description":"privileged determines if a pod can request to be run as privileged.","description_kind":"plain","optional":true,"computed":true},"read_only_root_filesystem":{"type":"bool","description":"readOnlyRootFilesystem when set to true will force containers to run with a read only root file system.  If the container specifically requests to run with a non-read only root file system the PSP should deny the pod. If set to false the container may run with a read only root file system if it wishes but it will not be forced to.","description_kind":"plain","optional":true,"computed":true},"required_drop_capabilities":{"type":["list","string"],"description":"requiredDropCapabilities are the capabilities that will be dropped from the container.  These are required to be dropped and cannot be added.","description_kind":"plain","optional":true},"volumes":{"type":["list","string"],"description":"volumes is a white list of allowed volume plugins. Empty indicates that no volumes may be used. To allow all volumes you may use '*'","description_kind":"plain","optional":true,"computed":true}},"block_types":{"allowed_csi_driver":{"nesting_mode":"list","block":{"attributes":{"name":{"type":"string","description":"Name is the registered name of the CSI driver","description_kind":"plain","required":true}},"description_kind":"plain"}},"allowed_flex_volume":{"nesting_mode":"list","block":{"attributes":{"driver":{"type":"string","description":"driver is the name of the Flexvolume driver.","description_kind":"plain","required":true}},"description_kind":"plain"}},"allowed_host_path":{"nesting_mode":"list","block":{"attributes":{"path_prefix":{"type":"string","description":"pathPrefix is the path prefix that the host volume must match. It does not support `*`. Trailing slashes are trimmed when validating the path prefix with a host path.","description_kind":"plain","required":true},"read_only":{"type":"bool","description":"when set to true, will allow host volumes matching the pathPrefix only if all volume mounts are readOnly.","description_kind":"plain","optional":true}},"description_kind":"plain"}},"fs_group":{"nesting_mode":"list","block":{"attributes":{"rule":{"type":"string","description":"rule is the strategy that will dictate what FSGroup is used in the SecurityContext.","description_kind":"plain","optional":true}},"block_types":{"range":{"nesting_mode":"list","block":{"attributes":{"max":{"type":"number","description":"max is the end of the range, inclusive.","description_kind":"plain","required":true},"min":{"type":"number","description":"min is the start of the range, inclusive.","description_kind":"plain","required":true}},"description_kind":"plain"}}},"description_kind":"plain"},"max_items":1},"host_port":{"nesting_mode":"list","block":{"attributes":{"max":{"type":"number","description":"max is the end of the range, inclusive.","description_kind":"plain","required":true},"min":{"type":"number","description":"min is the start of the range, inclusive.","description_kind":"plain","required":true}},"description_kind":"plain"}},"run_as_group":{"nesting_mode":"list","block":{"attributes":{"rule":{"type":"string","description":"rule is the strategy that will dictate the allowable RunAsGroup values that may be set.","description_kind":"plain","required":true}},"block_types":{"range":{"nesting_mode":"list","block":{"attributes":{"max":{"type":"number","description":"max is the end of the range, inclusive.","description_kind":"plain","required":true},"min":{"type":"number","description":"min is the start of the range, inclusive.","description_kind":"plain","required":true}},"description_kind":"plain"}}},"description_kind":"plain"},"max_items":1},"run_as_user":{"nesting_mode":"list","block":{"attributes":{"rule":{"type":"string","description":"rule is the strategy that will dictate the allowable RunAsUser values that may be set.","description_kind":"plain","required":true}},"block_types":{"range":{"nesting_mode":"list","block":{"attributes":{"max":{"type":"number","description":"max is the end of the range, inclusive.","description_kind":"plain","required":true},"min":{"type":"number","description":"min is the start of the range, inclusive.","description_kind":"plain","required":true}},"description_kind":"plain"}}},"description_kind":"plain"},"max_items":1},"runtime_class":{"nesting_mode":"list","block":{"attributes":{"allowed_runtime_class_names":{"type":["list","string"],"description":"allowedRuntimeClassNames is a whitelist of RuntimeClass names that may be specified on a pod. A value of \"*\" means that any RuntimeClass name is allowed, and must be the only item in the list. An empty list requires the RuntimeClassName field to be unset.","description_kind":"plain","required":true},"default_runtime_class_name":{"type":"string","description":"defaultRuntimeClassName is the default RuntimeClassName to set on the pod. The default MUST be allowed by the allowedRuntimeClassNames list. A value of nil does not mutate the Pod.","description_kind":"plain","optional":true}},"description_kind":"plain"},"max_items":1},"se_linux":{"nesting_mode":"list","block":{"attributes":{"rule":{"type":"string","description":"rule is the strategy that will dictate the allowable labels that may be set.","description_kind":"plain","required":true}},"block_types":{"se_linux_option":{"nesting_mode":"list","block":{"attributes":{"level":{"type":"string","description":"Level is SELinux level label that applies to the container.","description_kind":"plain","optional":true},"role":{"type":"string","description":"Role is a SELinux role label that applies to the container.","description_kind":"plain","optional":true},"type":{"type":"string","description":"Type is a SELinux type label that applies to the container.","description_kind":"plain","optional":true},"user":{"type":"string","description":"User is a SELinux user label that applies to the container.","description_kind":"plain","optional":true}},"description_kind":"plain"},"max_items":1}},"description_kind":"plain"},"max_items":1},"supplemental_group":{"nesting_mode":"list","block":{"attributes":{"rule":{"type":"string","description":"rule is the strategy that will dictate what supplemental groups is used in the SecurityContext.","description_kind":"plain","optional":true}},"block_types":{"range":{"nesting_mode":"list","block":{"attributes":{"max":{"type":"number","description":"max is the end of the range, inclusive.","description_kind":"plain","required":true},"min":{"type":"number","description":"min is the start of the range, inclusive.","description_kind":"plain","required":true}},"description_kind":"plain"}}},"description_kind":"plain"},"max_items":1},"timeouts":{"nesting_mode":"single","block":{"attributes":{"create":{"type":"string","description_kind":"plain","optional":true},"delete":{"type":"string","description_kind":"plain","optional":true},"update":{"type":"string","description_kind":"plain","optional":true}},"description_kind":"plain"}}},"description_kind":"plain"}},"rancher2_project":{"version":0,"block":{"attributes":{"annotations":{"type":["map","string"],"description":"Annotations of the resource","description_kind":"plain","optional":true,"computed":true},"cluster_id":{"type":"string","description_kind":"plain","required":true},"description":{"type":"string","description_kind":"plain","optional":true},"enable_project_monitoring":{"type":"bool","description":"Enable built-in project monitoring","description_kind":"plain","optional":true},"id":{"type":"string","description_kind":"plain","optional":true,"computed":true},"labels":{"type":["map","string"],"description":"Labels of the resource","description_kind":"plain","optional":true,"computed":true},"name":{"type":"string","description_kind":"plain","required":true},"pod_security_policy_template_id":{"type":"string","description_kind":"plain","optional":true},"wait_for_cluster":{"type":"bool","description":"Wait for cluster becomes active","description_kind":"plain","optional":true}},"block_types":{"container_resource_limit":{"nesting_mode":"list","block":{"attributes":{"limits_cpu":{"type":"string","description_kind":"plain","optional":true},"limits_memory":{"type":"string","description_kind":"plain","optional":true},"requests_cpu":{"type":"string","description_kind":"plain","optional":true},"requests_memory":{"type":"string","description_kind":"plain","optional":true}},"description_kind":"plain"},"max_items":1},"project_monitoring_input":{"nesting_mode":"list","block":{"attributes":{"answers":{"type":["map","string"],"description":"Answers for monitor input","description_kind":"plain","optional":true},"version":{"type":"string","description":"Monitoring version","description_kind":"plain","optional":true}},"description_kind":"plain"},"max_items":1},"resource_quota":{"nesting_mode":"list","block":{"block_types":{"namespace_default_limit":{"nesting_mode":"list","block":{"attributes":{"config_maps":{"type":"string","description_kind":"plain","optional":true},"limits_cpu":{"type":"string","description_kind":"plain","optional":true},"limits_memory":{"type":"string","description_kind":"plain","optional":true},"persistent_volume_claims":{"type":"string","description_kind":"plain","optional":true},"pods":{"type":"string","description_kind":"plain","optional":true},"replication_controllers":{"type":"string","description_kind":"plain","optional":true},"requests_cpu":{"type":"string","description_kind":"plain","optional":true},"requests_memory":{"type":"string","description_kind":"plain","optional":true},"requests_storage":{"type":"string","description_kind":"plain","optional":true},"secrets":{"type":"string","description_kind":"plain","optional":true},"services":{"type":"string","description_kind":"plain","optional":true},"services_load_balancers":{"type":"string","description_kind":"plain","optional":true},"services_node_ports":{"type":"string","description_kind":"plain","optional":true}},"description_kind":"plain"},"min_items":1,"max_items":1},"project_limit":{"nesting_mode":"list","block":{"attributes":{"config_maps":{"type":"string","description_kind":"plain","optional":true},"limits_cpu":{"type":"string","description_kind":"plain","optional":true},"limits_memory":{"type":"string","description_kind":"plain","optional":true},"persistent_volume_claims":{"type":"string","description_kind":"plain","optional":true},"pods":{"type":"string","description_kind":"plain","optional":true},"replication_controllers":{"type":"string","description_kind":"plain","optional":true},"requests_cpu":{"type":"string","description_kind":"plain","optional":true},"requests_memory":{"type":"string","description_kind":"plain","optional":true},"requests_storage":{"type":"string","description_kind":"plain","optional":true},"secrets":{"type":"string","description_kind":"plain","optional":true},"services":{"type":"string","description_kind":"plain","optional":true},"services_load_balancers":{"type":"string","description_kind":"plain","optional":true},"services_node_ports":{"type":"string","description_kind":"plain","optional":true}},"description_kind":"plain"},"min_items":1,"max_items":1}},"description_kind":"plain"},"max_items":1},"timeouts":{"nesting_mode":"single","block":{"attributes":{"create":{"type":"string","description_kind":"plain","optional":true},"delete":{"type":"string","description_kind":"plain","optional":true},"update":{"type":"string","description_kind":"plain","optional":true}},"description_kind":"plain"}}},"description_kind":"plain"}},"rancher2_project_alert_group":{"version":0,"block":{"attributes":{"annotations":{"type":["map","string"],"description":"Annotations of the resource","description_kind":"plain","optional":true,"computed":true},"description":{"type":"string","description":"Alert group description","description_kind":"plain","optional":true},"group_interval_seconds":{"type":"number","description":"Alert group interval seconds","description_kind":"plain","optional":true},"group_wait_seconds":{"type":"number","description":"Alert group wait seconds","description_kind":"plain","optional":true},"id":{"type":"string","description_kind":"plain","optional":true,"computed":true},"labels":{"type":["map","string"],"description":"Labels of the resource","description_kind":"plain","optional":true,"computed":true},"name":{"type":"string","description":"Alert group name","description_kind":"plain","required":true},"project_id":{"type":"string","description":"Alert group Project ID","description_kind":"plain","required":true},"repeat_interval_seconds":{"type":"number","description":"Alert group repeat interval seconds","description_kind":"plain","optional":true}},"block_types":{"recipients":{"nesting_mode":"list","block":{"attributes":{"default_recipient":{"type":"bool","description":"Use notifier default recipient","description_kind":"plain","optional":true},"notifier_id":{"type":"string","description":"Recipient notifier ID","description_kind":"plain","required":true},"notifier_type":{"type":"string","description":"Recipient notifier type","description_kind":"plain","computed":true},"recipient":{"type":"string","description":"Recipient","description_kind":"plain","optional":true,"computed":true}},"description_kind":"plain"}},"timeouts":{"nesting_mode":"single","block":{"attributes":{"create":{"type":"string","description_kind":"plain","optional":true},"delete":{"type":"string","description_kind":"plain","optional":true},"update":{"type":"string","description_kind":"plain","optional":true}},"description_kind":"plain"}}},"description_kind":"plain"}},"rancher2_project_alert_rule":{"version":0,"block":{"attributes":{"annotations":{"type":["map","string"],"description":"Annotations of the resource","description_kind":"plain","optional":true,"computed":true},"group_id":{"type":"string","description":"Alert rule group ID","description_kind":"plain","required":true},"group_interval_seconds":{"type":"number","description":"Alert rule interval seconds","description_kind":"plain","optional":true},"group_wait_seconds":{"type":"number","description":"Alert rule wait seconds","description_kind":"plain","optional":true},"id":{"type":"string","description_kind":"plain","optional":true,"computed":true},"inherited":{"type":"bool","description":"Alert rule inherited","description_kind":"plain","optional":true},"labels":{"type":["map","string"],"description":"Labels of the resource","description_kind":"plain","optional":true,"computed":true},"name":{"type":"string","description":"Alert rule name","description_kind":"plain","required":true},"project_id":{"type":"string","description":"Alert rule Project ID","description_kind":"plain","required":true},"repeat_interval_seconds":{"type":"number","description":"Alert rule repeat interval seconds","description_kind":"plain","optional":true},"severity":{"type":"string","description":"Alert rule severity","description_kind":"plain","optional":true}},"block_types":{"metric_rule":{"nesting_mode":"list","block":{"attributes":{"comparison":{"type":"string","description":"Metric rule comparison","description_kind":"plain","optional":true},"description":{"type":"string","description":"Metric rule description","description_kind":"plain","optional":true},"duration":{"type":"string","description":"Metric rule duration","description_kind":"plain","required":true},"expression":{"type":"string","description":"Metric rule expression","description_kind":"plain","required":true},"threshold_value":{"type":"number","description":"Metric rule threshold value","description_kind":"plain","required":true}},"description_kind":"plain"},"max_items":1},"pod_rule":{"nesting_mode":"list","block":{"attributes":{"condition":{"type":"string","description":"Pod rule condition","description_kind":"plain","optional":true},"pod_id":{"type":"string","description":"Pod ID","description_kind":"plain","required":true},"restart_interval_seconds":{"type":"number","description":"Pod rule restart interval seconds","description_kind":"plain","optional":true},"restart_times":{"type":"number","description":"Pod rule restart times","description_kind":"plain","optional":true}},"description_kind":"plain"},"max_items":1},"timeouts":{"nesting_mode":"single","block":{"attributes":{"create":{"type":"string","description_kind":"plain","optional":true},"delete":{"type":"string","description_kind":"plain","optional":true},"update":{"type":"string","description_kind":"plain","optional":true}},"description_kind":"plain"}},"workload_rule":{"nesting_mode":"list","block":{"attributes":{"available_percentage":{"type":"number","description":"Workload rule available percentage","description_kind":"plain","optional":true},"selector":{"type":["map","string"],"description":"Workload rule selector","description_kind":"plain","optional":true},"workload_id":{"type":"string","description":"Workload ID","description_kind":"plain","optional":true}},"description_kind":"plain"},"max_items":1}},"description_kind":"plain"}},"rancher2_project_logging":{"version":0,"block":{"attributes":{"annotations":{"type":["map","string"],"description":"Annotations of the resource","description_kind":"plain","optional":true,"computed":true},"enable_json_parsing":{"type":"bool","description":"Optional enable json log parsing","description_kind":"plain","optional":true},"id":{"type":"string","description_kind":"plain","optional":true,"computed":true},"kind":{"type":"string","description_kind":"plain","required":true},"labels":{"type":["map","string"],"description":"Labels of the resource","description_kind":"plain","optional":true,"computed":true},"name":{"type":"string","description_kind":"plain","required":true},"namespace_id":{"type":"string","description_kind":"plain","optional":true},"output_flush_interval":{"type":"number","description_kind":"plain","optional":true},"output_tags":{"type":["map","string"],"description_kind":"plain","optional":true,"computed":true},"project_id":{"type":"string","description_kind":"plain","required":true}},"block_types":{"custom_target_config":{"nesting_mode":"list","block":{"attributes":{"certificate":{"type":"string","description_kind":"plain","optional":true,"sensitive":true},"client_cert":{"type":"string","description_kind":"plain","optional":true,"sensitive":true},"client_key":{"type":"string","description_kind":"plain","optional":true,"sensitive":true},"content":{"type":"string","description_kind":"plain","required":true}},"description_kind":"plain"},"max_items":1},"elasticsearch_config":{"nesting_mode":"list","block":{"attributes":{"auth_password":{"type":"string","description_kind":"plain","optional":true,"sensitive":true},"auth_username":{"type":"string","description_kind":"plain","optional":true,"sensitive":true},"certificate":{"type":"string","description_kind":"plain","optional":true,"sensitive":true},"client_cert":{"type":"string","description_kind":"plain","optional":true,"sensitive":true},"client_key":{"type":"string","description_kind":"plain","optional":true,"sensitive":true},"client_key_pass":{"type":"string","description_kind":"plain","optional":true,"sensitive":true},"date_format":{"type":"string","description_kind":"plain","optional":true},"endpoint":{"type":"string","description_kind":"plain","required":true},"index_prefix":{"type":"string","description_kind":"plain","optional":true},"ssl_verify":{"type":"bool","description_kind":"plain","optional":true,"computed":true},"ssl_version":{"type":"string","description_kind":"plain","optional":true}},"description_kind":"plain"},"max_items":1},"fluentd_config":{"nesting_mode":"list","block":{"attributes":{"certificate":{"type":"string","description_kind":"plain","optional":true,"sensitive":true},"compress":{"type":"bool","description_kind":"plain","optional":true},"enable_tls":{"type":"bool","description_kind":"plain","optional":true}},"block_types":{"fluent_servers":{"nesting_mode":"list","block":{"attributes":{"endpoint":{"type":"string","description_kind":"plain","required":true},"hostname":{"type":"string","description_kind":"plain","optional":true},"password":{"type":"string","description_kind":"plain","optional":true,"sensitive":true},"shared_key":{"type":"string","description_kind":"plain","optional":true,"sensitive":true},"standby":{"type":"bool","description_kind":"plain","optional":true},"username":{"type":"string","description_kind":"plain","optional":true,"sensitive":true},"weight":{"type":"number","description_kind":"plain","optional":true}},"description_kind":"plain"},"min_items":1}},"description_kind":"plain"},"max_items":1},"kafka_config":{"nesting_mode":"list","block":{"attributes":{"broker_endpoints":{"type":["list","string"],"description_kind":"plain","optional":true},"certificate":{"type":"string","description_kind":"plain","optional":true,"sensitive":true},"client_cert":{"type":"string","description_kind":"plain","optional":true,"sensitive":true},"client_key":{"type":"string","description_kind":"plain","optional":true,"sensitive":true},"topic":{"type":"string","description_kind":"plain","required":true},"zookeeper_endpoint":{"type":"string","description_kind":"plain","optional":true}},"description_kind":"plain"},"max_items":1},"splunk_config":{"nesting_mode":"list","block":{"attributes":{"certificate":{"type":"string","description_kind":"plain","optional":true,"sensitive":true},"client_cert":{"type":"string","description_kind":"plain","optional":true,"sensitive":true},"client_key":{"type":"string","description_kind":"plain","optional":true,"sensitive":true},"client_key_pass":{"type":"string","description_kind":"plain","optional":true,"sensitive":true},"endpoint":{"type":"string","description_kind":"plain","required":true},"index":{"type":"string","description_kind":"plain","optional":true},"source":{"type":"string","description_kind":"plain","optional":true},"ssl_verify":{"type":"bool","description_kind":"plain","optional":true,"computed":true},"token":{"type":"string","description_kind":"plain","required":true,"sensitive":true}},"description_kind":"plain"},"max_items":1},"syslog_config":{"nesting_mode":"list","block":{"attributes":{"certificate":{"type":"string","description_kind":"plain","optional":true,"sensitive":true},"client_cert":{"type":"string","description_kind":"plain","optional":true,"sensitive":true},"client_key":{"type":"string","description_kind":"plain","optional":true,"sensitive":true},"endpoint":{"type":"string","description_kind":"plain","required":true},"program":{"type":"string","description_kind":"plain","optional":true},"protocol":{"type":"string","description_kind":"plain","optional":true},"severity":{"type":"string","description_kind":"plain","optional":true},"ssl_verify":{"type":"bool","description_kind":"plain","optional":true,"computed":true},"token":{"type":"string","description_kind":"plain","optional":true,"sensitive":true}},"description_kind":"plain"},"max_items":1},"timeouts":{"nesting_mode":"single","block":{"attributes":{"create":{"type":"string","description_kind":"plain","optional":true},"delete":{"type":"string","description_kind":"plain","optional":true},"update":{"type":"string","description_kind":"plain","optional":true}},"description_kind":"plain"}}},"description_kind":"plain"}},"rancher2_project_role_template_binding":{"version":0,"block":{"attributes":{"annotations":{"type":["map","string"],"description":"Annotations of the resource","description_kind":"plain","optional":true,"computed":true},"group_id":{"type":"string","description_kind":"plain","optional":true},"group_principal_id":{"type":"string","description_kind":"plain","optional":true,"computed":true},"id":{"type":"string","description_kind":"plain","optional":true,"computed":true},"labels":{"type":["map","string"],"description":"Labels of the resource","description_kind":"plain","optional":true,"computed":true},"name":{"type":"string","description_kind":"plain","required":true},"project_id":{"type":"string","description_kind":"plain","required":true},"role_template_id":{"type":"string","description_kind":"plain","required":true},"user_id":{"type":"string","description_kind":"plain","optional":true},"user_principal_id":{"type":"string","description_kind":"plain","optional":true,"computed":true}},"block_types":{"timeouts":{"nesting_mode":"single","block":{"attributes":{"create":{"type":"string","description_kind":"plain","optional":true},"delete":{"type":"string","description_kind":"plain","optional":true},"update":{"type":"string","description_kind":"plain","optional":true}},"description_kind":"plain"}}},"description_kind":"plain"}},"rancher2_registry":{"version":0,"block":{"attributes":{"annotations":{"type":["map","string"],"description":"Annotations of the resource","description_kind":"plain","optional":true,"computed":true},"description":{"type":"string","description":"Description of the docker registry","description_kind":"plain","optional":true},"id":{"type":"string","description_kind":"plain","optional":true,"computed":true},"labels":{"type":["map","string"],"description":"Labels of the resource","description_kind":"plain","optional":true,"computed":true},"name":{"type":"string","description":"Name of the docker registry","description_kind":"plain","required":true},"namespace_id":{"type":"string","description":"Namespace ID to add docker registry","description_kind":"plain","optional":true},"project_id":{"type":"string","description":"Project ID to add docker registry","description_kind":"plain","required":true}},"block_types":{"registries":{"nesting_mode":"list","block":{"attributes":{"address":{"type":"string","description_kind":"plain","required":true},"password":{"type":"string","description_kind":"plain","optional":true,"sensitive":true},"username":{"type":"string","description_kind":"plain","optional":true}},"description_kind":"plain"},"min_items":1},"timeouts":{"nesting_mode":"single","block":{"attributes":{"create":{"type":"string","description_kind":"plain","optional":true},"delete":{"type":"string","description_kind":"plain","optional":true},"update":{"type":"string","description_kind":"plain","optional":true}},"description_kind":"plain"}}},"description_kind":"plain"}},"rancher2_role_template":{"version":0,"block":{"attributes":{"administrative":{"type":"bool","description":"Administrative role template","description_kind":"plain","optional":true},"annotations":{"type":["map","string"],"description":"Annotations of the resource","description_kind":"plain","optional":true,"computed":true},"builtin":{"type":"bool","description":"Builtin role template","description_kind":"plain","computed":true},"context":{"type":"string","description":"Context role template","description_kind":"plain","optional":true},"default_role":{"type":"bool","description":"Default role template for new created cluster or project","description_kind":"plain","optional":true},"description":{"type":"string","description":"Role template policy description","description_kind":"plain","optional":true,"computed":true},"external":{"type":"bool","description":"External role template","description_kind":"plain","optional":true},"hidden":{"type":"bool","description":"Hidden role template","description_kind":"plain","optional":true},"id":{"type":"string","description_kind":"plain","optional":true,"computed":true},"labels":{"type":["map","string"],"description":"Labels of the resource","description_kind":"plain","optional":true,"computed":true},"locked":{"type":"bool","description":"Locked role template","description_kind":"plain","optional":true},"name":{"type":"string","description":"Role template policy name","description_kind":"plain","required":true},"role_template_ids":{"type":["list","string"],"description":"Inherit role template IDs","description_kind":"plain","optional":true,"computed":true}},"block_types":{"rules":{"nesting_mode":"list","block":{"attributes":{"api_groups":{"type":["list","string"],"description":"Policy rule api groups","description_kind":"plain","optional":true},"non_resource_urls":{"type":["list","string"],"description":"Policy rule non resource urls","description_kind":"plain","optional":true},"resource_names":{"type":["list","string"],"description":"Policy rule resource names","description_kind":"plain","optional":true},"resources":{"type":["list","string"],"description":"Policy rule resources","description_kind":"plain","optional":true},"verbs":{"type":["list","string"],"description":"Policy rule verbs","description_kind":"plain","optional":true}},"description_kind":"plain"}},"timeouts":{"nesting_mode":"single","block":{"attributes":{"create":{"type":"string","description_kind":"plain","optional":true},"delete":{"type":"string","description_kind":"plain","optional":true},"update":{"type":"string","description_kind":"plain","optional":true}},"description_kind":"plain"}}},"description_kind":"plain"}},"rancher2_secret":{"version":0,"block":{"attributes":{"annotations":{"type":["map","string"],"description":"Annotations of the resource","description_kind":"plain","optional":true,"computed":true},"data":{"type":["map","string"],"description":"Secret data base64 encoded","description_kind":"plain","required":true,"sensitive":true},"description":{"type":"string","description":"Secret description","description_kind":"plain","optional":true},"id":{"type":"string","description_kind":"plain","optional":true,"computed":true},"labels":{"type":["map","string"],"description":"Labels of the resource","description_kind":"plain","optional":true,"computed":true},"name":{"type":"string","description":"Secret name","description_kind":"plain","optional":true},"namespace_id":{"type":"string","description":"Namespace ID to add secret","description_kind":"plain","optional":true},"project_id":{"type":"string","description":"Project ID to add secret","description_kind":"plain","required":true}},"block_types":{"timeouts":{"nesting_mode":"single","block":{"attributes":{"create":{"type":"string","description_kind":"plain","optional":true},"delete":{"type":"string","description_kind":"plain","optional":true},"update":{"type":"string","description_kind":"plain","optional":true}},"description_kind":"plain"}}},"description_kind":"plain"}},"rancher2_setting":{"version":0,"block":{"attributes":{"annotations":{"type":["map","string"],"description":"Annotations of the resource","description_kind":"plain","optional":true,"computed":true},"id":{"type":"string","description_kind":"plain","optional":true,"computed":true},"labels":{"type":["map","string"],"description":"Labels of the resource","description_kind":"plain","optional":true,"computed":true},"name":{"type":"string","description_kind":"plain","required":true},"value":{"type":"string","description_kind":"plain","required":true}},"description_kind":"plain"}},"rancher2_token":{"version":0,"block":{"attributes":{"access_key":{"type":"string","description":"Token access key","description_kind":"plain","computed":true},"annotations":{"type":["map","string"],"description":"Annotations of the resource","description_kind":"plain","optional":true,"computed":true},"cluster_id":{"type":"string","description":"Cluster ID for scoped token","description_kind":"plain","optional":true},"description":{"type":"string","description":"Token description","description_kind":"plain","optional":true},"enabled":{"type":"bool","description":"Token enabled","description_kind":"plain","computed":true},"expired":{"type":"bool","description":"Token expired","description_kind":"plain","computed":true},"id":{"type":"string","description_kind":"plain","optional":true,"computed":true},"labels":{"type":["map","string"],"description":"Labels of the resource","description_kind":"plain","optional":true,"computed":true},"name":{"type":"string","description":"Token name","description_kind":"plain","computed":true},"renew":{"type":"bool","description":"Renew expired or disabled token","description_kind":"plain","optional":true},"secret_key":{"type":"string","description":"Token secret key","description_kind":"plain","computed":true,"sensitive":true},"token":{"type":"string","description":"Token value","description_kind":"plain","computed":true,"sensitive":true},"ttl":{"type":"number","description":"Token time to live in seconds","description_kind":"plain","optional":true},"user_id":{"type":"string","description":"Token user ID","description_kind":"plain","computed":true}},"block_types":{"timeouts":{"nesting_mode":"single","block":{"attributes":{"create":{"type":"string","description_kind":"plain","optional":true},"delete":{"type":"string","description_kind":"plain","optional":true},"update":{"type":"string","description_kind":"plain","optional":true}},"description_kind":"plain"}}},"description_kind":"plain"}},"rancher2_user":{"version":0,"block":{"attributes":{"annotations":{"type":["map","string"],"description":"Annotations of the resource","description_kind":"plain","optional":true,"computed":true},"enabled":{"type":"bool","description_kind":"plain","optional":true},"id":{"type":"string","description_kind":"plain","optional":true,"computed":true},"labels":{"type":["map","string"],"description":"Labels of the resource","description_kind":"plain","optional":true,"computed":true},"name":{"type":"string","description_kind":"plain","optional":true},"password":{"type":"string","description_kind":"plain","required":true,"sensitive":true},"principal_ids":{"type":["list","string"],"description_kind":"plain","computed":true},"username":{"type":"string","description_kind":"plain","required":true}},"block_types":{"timeouts":{"nesting_mode":"single","block":{"attributes":{"create":{"type":"string","description_kind":"plain","optional":true},"delete":{"type":"string","description_kind":"plain","optional":true},"update":{"type":"string","description_kind":"plain","optional":true}},"description_kind":"plain"}}},"description_kind":"plain"}}},"data_source_schemas":{"rancher2_app":{"version":0,"block":{"attributes":{"annotations":{"type":["map","string"],"description":"Annotations of the app","description_kind":"plain","optional":true,"computed":true},"answers":{"type":["map","string"],"description":"Answers of the app","description_kind":"plain","computed":true},"catalog_name":{"type":"string","description":"Catalog name of the app","description_kind":"plain","computed":true},"description":{"type":"string","description_kind":"plain","computed":true},"external_id":{"type":"string","description":"External ID of the app","description_kind":"plain","computed":true},"id":{"type":"string","description_kind":"plain","optional":true,"computed":true},"labels":{"type":["map","string"],"description":"Labels of the app","description_kind":"plain","computed":true},"name":{"type":"string","description":"Name of the app","description_kind":"plain","required":true},"project_id":{"type":"string","description":"Project ID to add app","description_kind":"plain","required":true},"revision_id":{"type":"string","description":"App revision id","description_kind":"plain","computed":true},"target_namespace":{"type":"string","description":"Namespace name to add app","description_kind":"plain","optional":true,"computed":true},"template_name":{"type":"string","description":"Template name of the app","description_kind":"plain","computed":true},"template_version":{"type":"string","description":"Template version of the app","description_kind":"plain","computed":true},"values_yaml":{"type":"string","description":"values.yaml file content of the app","description_kind":"plain","computed":true}},"description_kind":"plain"}},"rancher2_catalog":{"version":0,"block":{"attributes":{"annotations":{"type":["map","string"],"description_kind":"plain","computed":true},"branch":{"type":"string","description_kind":"plain","computed":true},"cluster_id":{"type":"string","description_kind":"plain","computed":true},"description":{"type":"string","description_kind":"plain","computed":true},"id":{"type":"string","description_kind":"plain","optional":true,"computed":true},"kind":{"type":"string","description_kind":"plain","computed":true},"labels":{"type":["map","string"],"description_kind":"plain","computed":true},"name":{"type":"string","description_kind":"plain","required":true},"password":{"type":"string","description_kind":"plain","computed":true,"sensitive":true},"project_id":{"type":"string","description_kind":"plain","computed":true},"scope":{"type":"string","description_kind":"plain","optional":true},"url":{"type":"string","description_kind":"plain","computed":true},"username":{"type":"string","description_kind":"plain","computed":true,"sensitive":true},"version":{"type":"string","description_kind":"plain","computed":true}},"description_kind":"plain"}},"rancher2_certificate":{"version":0,"block":{"attributes":{"annotations":{"type":["map","string"],"description":"Annotations of the certificate","description_kind":"plain","computed":true},"certs":{"type":"string","description":"Certificate certs base64 encoded","description_kind":"plain","computed":true},"description":{"type":"string","description":"Description of the certificate","description_kind":"plain","computed":true},"id":{"type":"string","description_kind":"plain","optional":true,"computed":true},"labels":{"type":["map","string"],"description":"Labels of the certificate","description_kind":"plain","computed":true},"name":{"type":"string","description":"Name of the certificate","description_kind":"plain","required":true},"namespace_id":{"type":"string","description":"Namespace ID to add certificate","description_kind":"plain","optional":true},"project_id":{"type":"string","description":"Project ID to add certificate","description_kind":"plain","required":true}},"description_kind":"plain"}},"rancher2_cloud_credential":{"version":0,"block":{"attributes":{"annotations":{"type":["map","string"],"description_kind":"plain","computed":true},"id":{"type":"string","description_kind":"plain","optional":true,"computed":true},"labels":{"type":["map","string"],"description_kind":"plain","computed":true},"name":{"type":"string","description_kind":"plain","required":true}},"description_kind":"plain"}},"rancher2_cluster":{"version":0,"block":{"attributes":{"aks_config":{"type":["list",["object",{"aad_server_app_secret":"string","aad_tenant_id":"string","add_client_app_id":"string","add_server_app_id":"string","admin_username":"string","agent_dns_prefix":"string","agent_os_disk_size":"number","agent_pool_name":"string","agent_storage_profile":"string","agent_vm_size":"string","auth_base_url":"string","base_url":"string","client_id":"string","client_secret":"string","count":"number","dns_service_ip":"string","docker_bridge_cidr":"string","enable_http_application_routing":"bool","enable_monitoring":"bool","kubernetes_version":"string","location":"string","log_analytics_workspace":"string","log_analytics_workspace_resource_group":"string","master_dns_prefix":"string","max_pods":"number","network_plugin":"string","network_policy":"string","pod_cidr":"string","resource_group":"string","service_cidr":"string","ssh_public_key_contents":"string","subnet":"string","subscription_id":"string","tag":["map","string"],"tenant_id":"string","virtual_network":"string","virtual_network_resource_group":"string"}]],"description_kind":"plain","computed":true},"annotations":{"type":["map","string"],"description_kind":"plain","computed":true},"cluster_auth_endpoint":{"type":["list",["object",{"ca_certs":"string","enabled":"bool","fqdn":"string"}]],"description_kind":"plain","computed":true},"cluster_monitoring_input":{"type":["list",["object",{"answers":["map","string"],"version":"string"}]],"description":"Cluster monitoring configuration","description_kind":"plain","computed":true},"cluster_registration_token":{"type":["list",["object",{"annotations":["map","string"],"cluster_id":"string","command":"string","id":"string","insecure_command":"string","labels":["map","string"],"manifest_url":"string","name":"string","node_command":"string","token":"string","windows_node_command":"string"}]],"description_kind":"plain","computed":true},"cluster_template_answers":{"type":["list",["object",{"cluster_id":"string","project_id":"string","values":["map","string"]}]],"description":"Cluster template answers","description_kind":"plain","computed":true},"cluster_template_id":{"type":"string","description":"Cluster template ID","description_kind":"plain","computed":true},"cluster_template_questions":{"type":["list",["object",{"default":"string","required":"bool","type":"string","variable":"string"}]],"description":"Cluster template questions","description_kind":"plain","computed":true},"cluster_template_revision_id":{"type":"string","description":"Cluster template revision ID","description_kind":"plain","computed":true},"default_pod_security_policy_template_id":{"type":"string","description":"Default pod security policy template id","description_kind":"plain","computed":true},"default_project_id":{"type":"string","description_kind":"plain","computed":true},"description":{"type":"string","description_kind":"plain","computed":true},"driver":{"type":"string","description_kind":"plain","computed":true},"eks_config":{"type":["list",["object",{"access_key":"string","ami":"string","associate_worker_node_public_ip":"bool","desired_nodes":"number","instance_type":"string","key_pair_name":"string","kubernetes_version":"string","maximum_nodes":"number","minimum_nodes":"number","node_volume_size":"number","region":"string","secret_key":"string","security_groups":["list","string"],"service_role":"string","session_token":"string","subnets":["list","string"],"user_data":"string","virtual_network":"string"}]],"description_kind":"plain","computed":true},"enable_cluster_alerting":{"type":"bool","description":"Enable built-in cluster alerting","description_kind":"plain","computed":true},"enable_cluster_monitoring":{"type":"bool","description":"Enable built-in cluster monitoring","description_kind":"plain","computed":true},"enable_network_policy":{"type":"bool","description":"Enable project network isolation","description_kind":"plain","computed":true},"gke_config":{"type":["list",["object",{"cluster_ipv4_cidr":"string","credential":"string","description":"string","disk_size_gb":"number","disk_type":"string","enable_alpha_feature":"bool","enable_auto_repair":"bool","enable_auto_upgrade":"bool","enable_horizontal_pod_autoscaling":"bool","enable_http_load_balancing":"bool","enable_kubernetes_dashboard":"bool","enable_legacy_abac":"bool","enable_master_authorized_network":"bool","enable_network_policy_config":"bool","enable_nodepool_autoscaling":"bool","enable_private_endpoint":"bool","enable_private_nodes":"bool","enable_stackdriver_logging":"bool","enable_stackdriver_monitoring":"bool","image_type":"string","ip_policy_cluster_ipv4_cidr_block":"string","ip_policy_cluster_secondary_range_name":"string","ip_policy_create_subnetwork":"bool","ip_policy_node_ipv4_cidr_block":"string","ip_policy_services_ipv4_cidr_block":"string","ip_policy_services_secondary_range_name":"string","ip_policy_subnetwork_name":"string","issue_client_certificate":"bool","kubernetes_dashboard":"bool","labels":["map","string"],"local_ssd_count":"number","locations":["list","string"],"machine_type":"string","maintenance_window":"string","master_authorized_network_cidr_blocks":["list","string"],"master_ipv4_cidr_block":"string","master_version":"string","max_node_count":"number","min_node_count":"number","network":"string","node_count":"number","node_pool":"string","node_version":"string","oauth_scopes":["list","string"],"preemptible":"bool","project_id":"string","region":"string","resource_labels":["map","string"],"service_account":"string","sub_network":"string","taints":["list","string"],"use_ip_aliases":"bool","zone":"string"}]],"description_kind":"plain","computed":true},"id":{"type":"string","description_kind":"plain","optional":true,"computed":true},"k3s_config":{"type":["list",["object",{"upgrade_strategy":["list",["object",{"drain_server_nodes":"bool","drain_worker_nodes":"bool","server_concurrency":"number","worker_concurrency":"number"}]],"version":"string"}]],"description_kind":"plain","computed":true},"kube_config":{"type":"string","description_kind":"plain","computed":true},"labels":{"type":["map","string"],"description_kind":"plain","computed":true},"name":{"type":"string","description_kind":"plain","required":true},"rke_config":{"type":["list",["object",{"addon_job_timeout":"number","addons":"string","addons_include":["list","string"],"authentication":["list",["object",{"sans":["list","string"],"strategy":"string"}]],"authorization":["list",["object",{"mode":"string","options":["map","string"]}]],"bastion_host":["list",["object",{"address":"string","port":"string","ssh_agent_auth":"bool","ssh_key":"string","ssh_key_path":"string","user":"string"}]],"cloud_provider":["list",["object",{"aws_cloud_provider":["list",["object",{"global":["list",["object",{"disable_security_group_ingress":"bool","disable_strict_zone_check":"bool","elb_security_group":"string","kubernetes_cluster_id":"string","kubernetes_cluster_tag":"string","role_arn":"string","route_table_id":"string","subnet_id":"string","vpc":"string","zone":"string"}]],"service_override":["list",["object",{"region":"string","service":"string","signing_method":"string","signing_name":"string","signing_region":"string","url":"string"}]]}]],"azure_cloud_provider":["list",["object",{"aad_client_cert_password":"string","aad_client_cert_path":"string","aad_client_id":"string","aad_client_secret":"string","cloud":"string","cloud_provider_backoff":"bool","cloud_provider_backoff_duration":"number","cloud_provider_backoff_exponent":"number","cloud_provider_backoff_jitter":"number","cloud_provider_backoff_retries":"number","cloud_provider_rate_limit":"bool","cloud_provider_rate_limit_bucket":"number","cloud_provider_rate_limit_qps":"number","load_balancer_sku":"string","location":"string","maximum_load_balancer_rule_count":"number","primary_availability_set_name":"string","primary_scale_set_name":"string","resource_group":"string","route_table_name":"string","security_group_name":"string","subnet_name":"string","subscription_id":"string","tenant_id":"string","use_instance_metadata":"bool","use_managed_identity_extension":"bool","vm_type":"string","vnet_name":"string","vnet_resource_group":"string"}]],"custom_cloud_provider":"string","name":"string","openstack_cloud_provider":["list",["object",{"block_storage":["list",["object",{"bs_version":"string","ignore_volume_az":"bool","trust_device_path":"bool"}]],"global":["list",["object",{"auth_url":"string","ca_file":"string","domain_id":"string","domain_name":"string","password":"string","region":"string","tenant_id":"string","tenant_name":"string","trust_id":"string","username":"string"}]],"load_balancer":["list",["object",{"create_monitor":"bool","floating_network_id":"string","lb_method":"string","lb_provider":"string","lb_version":"string","manage_security_groups":"bool","monitor_delay":"string","monitor_max_retries":"number","monitor_timeout":"string","subnet_id":"string","use_octavia":"bool"}]],"metadata":["list",["object",{"request_timeout":"number","search_order":"string"}]],"route":["list",["object",{"router_id":"string"}]]}]],"vsphere_cloud_provider":["list",["object",{"disk":["list",["object",{"scsi_controller_type":"string"}]],"global":["list",["object",{"datacenters":"string","insecure_flag":"bool","password":"string","port":"string","soap_roundtrip_count":"number","user":"string"}]],"network":["list",["object",{"public_network":"string"}]],"virtual_center":["list",["object",{"datacenters":"string","name":"string","password":"string","port":"string","soap_roundtrip_count":"number","user":"string"}]],"workspace":["list",["object",{"datacenter":"string","default_datastore":"string","folder":"string","resourcepool_path":"string","server":"string"}]]}]]}]],"dns":["list",["object",{"node_selector":["map","string"],"nodelocal":["list",["object",{"ip_address":"string","node_selector":["map","string"]}]],"provider":"string","reverse_cidrs":["list","string"],"upstream_nameservers":["list","string"]}]],"ignore_docker_version":"bool","ingress":["list",["object",{"dns_policy":"string","extra_args":["map","string"],"node_selector":["map","string"],"options":["map","string"],"provider":"string"}]],"kubernetes_version":"string","monitoring":["list",["object",{"node_selector":["map","string"],"options":["map","string"],"provider":"string","replicas":"number","update_strategy":["list",["object",{"rolling_update":["list",["object",{"max_surge":"number","max_unavailable":"number"}]],"strategy":"string"}]]}]],"network":["list",["object",{"calico_network_provider":["list",["object",{"cloud_provider":"string"}]],"canal_network_provider":["list",["object",{"iface":"string"}]],"flannel_network_provider":["list",["object",{"iface":"string"}]],"mtu":"number","options":["map","string"],"plugin":"string","weave_network_provider":["list",["object",{"password":"string"}]]}]],"nodes":["list",["object",{"address":"string","docker_socket":"string","hostname_override":"string","internal_address":"string","labels":["map","string"],"node_id":"string","port":"string","role":["list","string"],"ssh_agent_auth":"bool","ssh_key":"string","ssh_key_path":"string","user":"string"}]],"prefix_path":"string","private_registries":["list",["object",{"is_default":"bool","password":"string","url":"string","user":"string"}]],"services":["list",["object",{"etcd":["list",["object",{"backup_config":["list",["object",{"enabled":"bool","interval_hours":"number","retention":"number","s3_backup_config":["list",["object",{"access_key":"string","bucket_name":"string","custom_ca":"string","endpoint":"string","folder":"string","region":"string","secret_key":"string"}]],"safe_timestamp":"bool"}]],"ca_cert":"string","cert":"string","creation":"string","external_urls":["list","string"],"extra_args":["map","string"],"extra_binds":["list","string"],"extra_env":["list","string"],"gid":"number","image":"string","key":"string","path":"string","retention":"string","snapshot":"bool","uid":"number"}]],"kube_api":["list",["object",{"admission_configuration":["map","string"],"always_pull_images":"bool","audit_log":["list",["object",{"configuration":["list",["object",{"format":"string","max_age":"number","max_backup":"number","max_size":"number","path":"string","policy":"string"}]],"enabled":"bool"}]],"event_rate_limit":["list",["object",{"configuration":["map","string"],"enabled":"bool"}]],"extra_args":["map","string"],"extra_binds":["list","string"],"extra_env":["list","string"],"image":"string","pod_security_policy":"bool","secrets_encryption_config":["list",["object",{"custom_config":["map","string"],"enabled":"bool"}]],"service_cluster_ip_range":"string","service_node_port_range":"string"}]],"kube_controller":["list",["object",{"cluster_cidr":"string","extra_args":["map","string"],"extra_binds":["list","string"],"extra_env":["list","string"],"image":"string","service_cluster_ip_range":"string"}]],"kubelet":["list",["object",{"cluster_dns_server":"string","cluster_domain":"string","extra_args":["map","string"],"extra_binds":["list","string"],"extra_env":["list","string"],"fail_swap_on":"bool","generate_serving_certificate":"bool","image":"string","infra_container_image":"string"}]],"kubeproxy":["list",["object",{"extra_args":["map","string"],"extra_binds":["list","string"],"extra_env":["list","string"],"image":"string"}]],"scheduler":["list",["object",{"extra_args":["map","string"],"extra_binds":["list","string"],"extra_env":["list","string"],"image":"string"}]]}]],"ssh_agent_auth":"bool","ssh_cert_path":"string","ssh_key_path":"string","upgrade_strategy":["list",["object",{"drain":"bool","drain_input":["list",["object",{"delete_local_data":"bool","force":"bool","grace_period":"number","ignore_daemon_sets":"bool","timeout":"number"}]],"max_unavailable_controlplane":"string","max_unavailable_worker":"string"}]]}]],"description_kind":"plain","computed":true},"scheduled_cluster_scan":{"type":["list",["object",{"enabled":"bool","scan_config":["list",["object",{"cis_scan_config":["list",["object",{"debug_master":"bool","debug_worker":"bool","override_benchmark_version":"string","override_skip":["list","string"],"profile":"string"}]]}]],"schedule_config":["list",["object",{"cron_schedule":"string","retention":"number"}]]}]],"description":"Cluster scheduled scan","description_kind":"plain","computed":true},"system_project_id":{"type":"string","description_kind":"plain","computed":true}},"description_kind":"plain"}},"rancher2_cluster_alert_group":{"version":0,"block":{"attributes":{"annotations":{"type":["map","string"],"description_kind":"plain","computed":true},"cluster_id":{"type":"string","description":"Alert group cluster ID","description_kind":"plain","required":true},"description":{"type":"string","description":"Alert group description","description_kind":"plain","computed":true},"group_interval_seconds":{"type":"number","description":"Alert group interval seconds","description_kind":"plain","computed":true},"group_wait_seconds":{"type":"number","description":"Alert group wait seconds","description_kind":"plain","computed":true},"id":{"type":"string","description_kind":"plain","optional":true,"computed":true},"labels":{"type":["map","string"],"description_kind":"plain","computed":true},"name":{"type":"string","description":"Alert group name","description_kind":"plain","required":true},"recipients":{"type":["list",["object",{"default_recipient":"bool","notifier_id":"string","notifier_type":"string","recipient":"string"}]],"description":"Alert group recipients","description_kind":"plain","computed":true},"repeat_interval_seconds":{"type":"number","description":"Alert group repeat interval seconds","description_kind":"plain","computed":true}},"description_kind":"plain"}},"rancher2_cluster_alert_rule":{"version":0,"block":{"attributes":{"annotations":{"type":["map","string"],"description_kind":"plain","computed":true},"cluster_id":{"type":"string","description":"Alert rule cluster ID","description_kind":"plain","required":true},"event_rule":{"type":["list",["object",{"event_type":"string","resource_kind":"string"}]],"description":"Alert event rule","description_kind":"plain","computed":true},"group_id":{"type":"string","description":"Alert rule group ID","description_kind":"plain","computed":true},"group_interval_seconds":{"type":"number","description":"Alert rule interval seconds","description_kind":"plain","computed":true},"group_wait_seconds":{"type":"number","description":"Alert rule wait seconds","description_kind":"plain","computed":true},"id":{"type":"string","description_kind":"plain","optional":true,"computed":true},"inherited":{"type":"bool","description":"Alert rule inherited","description_kind":"plain","computed":true},"labels":{"type":["map","string"],"description_kind":"plain","optional":true},"metric_rule":{"type":["list",["object",{"comparison":"string","description":"string","duration":"string","expression":"string","threshold_value":"number"}]],"description":"Alert metric rule","description_kind":"plain","computed":true},"name":{"type":"string","description":"Alert rule name","description_kind":"plain","required":true},"node_rule":{"type":["list",["object",{"condition":"string","cpu_threshold":"number","mem_threshold":"number","node_id":"string","selector":["map","string"]}]],"description":"Alert node rule","description_kind":"plain","computed":true},"repeat_interval_seconds":{"type":"number","description":"Alert rule repeat interval seconds","description_kind":"plain","computed":true},"severity":{"type":"string","description":"Alert rule severity","description_kind":"plain","computed":true},"system_service_rule":{"type":["list",["object",{"condition":"string"}]],"description":"Alert system service rule","description_kind":"plain","computed":true}},"description_kind":"plain"}},"rancher2_cluster_driver":{"version":0,"block":{"attributes":{"active":{"type":"bool","description_kind":"plain","computed":true},"actual_url":{"type":"string","description_kind":"plain","computed":true},"annotations":{"type":["map","string"],"description_kind":"plain","computed":true},"builtin":{"type":"bool","description_kind":"plain","computed":true},"checksum":{"type":"string","description_kind":"plain","computed":true},"id":{"type":"string","description_kind":"plain","optional":true,"computed":true},"labels":{"type":["map","string"],"description_kind":"plain","computed":true},"name":{"type":"string","description_kind":"plain","required":true},"ui_url":{"type":"string","description_kind":"plain","computed":true},"url":{"type":"string","description_kind":"plain","optional":true,"computed":true},"whitelist_domains":{"type":["list","string"],"description_kind":"plain","computed":true}},"description_kind":"plain"}},"rancher2_cluster_logging":{"version":0,"block":{"attributes":{"annotations":{"type":["map","string"],"description_kind":"plain","computed":true},"cluster_id":{"type":"string","description_kind":"plain","required":true},"custom_target_config":{"type":["list",["object",{"certificate":"string","client_cert":"string","client_key":"string","content":"string"}]],"description_kind":"plain","computed":true},"elasticsearch_config":{"type":["list",["object",{"auth_password":"string","auth_username":"string","certificate":"string","client_cert":"string","client_key":"string","client_key_pass":"string","date_format":"string","endpoint":"string","index_prefix":"string","ssl_verify":"bool","ssl_version":"string"}]],"description_kind":"plain","computed":true},"enable_json_parsing":{"type":"bool","description":"Optional enable json log parsing","description_kind":"plain","computed":true},"fluentd_config":{"type":["list",["object",{"certificate":"string","compress":"bool","enable_tls":"bool","fluent_servers":["list",["object",{"endpoint":"string","hostname":"string","password":"string","shared_key":"string","standby":"bool","username":"string","weight":"number"}]]}]],"description_kind":"plain","computed":true},"id":{"type":"string","description_kind":"plain","optional":true,"computed":true},"kafka_config":{"type":["list",["object",{"broker_endpoints":["list","string"],"certificate":"string","client_cert":"string","client_key":"string","topic":"string","zookeeper_endpoint":"string"}]],"description_kind":"plain","computed":true},"kind":{"type":"string","description_kind":"plain","computed":true},"labels":{"type":["map","string"],"description_kind":"plain","computed":true},"name":{"type":"string","description_kind":"plain","computed":true},"namespace_id":{"type":"string","description_kind":"plain","computed":true},"output_flush_interval":{"type":"number","description_kind":"plain","computed":true},"output_tags":{"type":["map","string"],"description_kind":"plain","computed":true},"splunk_config":{"type":["list",["object",{"certificate":"string","client_cert":"string","client_key":"string","client_key_pass":"string","endpoint":"string","index":"string","source":"string","ssl_verify":"bool","token":"string"}]],"description_kind":"plain","computed":true},"syslog_config":{"type":["list",["object",{"certificate":"string","client_cert":"string","client_key":"string","endpoint":"string","program":"string","protocol":"string","severity":"string","ssl_verify":"bool","token":"string"}]],"description_kind":"plain","computed":true}},"description_kind":"plain"}},"rancher2_cluster_role_template_binding":{"version":0,"block":{"attributes":{"annotations":{"type":["map","string"],"description_kind":"plain","computed":true},"cluster_id":{"type":"string","description_kind":"plain","required":true},"group_id":{"type":"string","description_kind":"plain","computed":true},"group_principal_id":{"type":"string","description_kind":"plain","computed":true},"id":{"type":"string","description_kind":"plain","optional":true,"computed":true},"labels":{"type":["map","string"],"description_kind":"plain","computed":true},"name":{"type":"string","description_kind":"plain","required":true},"role_template_id":{"type":"string","description_kind":"plain","optional":true,"computed":true},"user_id":{"type":"string","description_kind":"plain","computed":true},"user_principal_id":{"type":"string","description_kind":"plain","computed":true}},"description_kind":"plain"}},"rancher2_cluster_scan":{"version":0,"block":{"attributes":{"annotations":{"type":["map","string"],"description_kind":"plain","computed":true},"cluster_id":{"type":"string","description":"The cluster ID to scan","description_kind":"plain","required":true},"id":{"type":"string","description_kind":"plain","optional":true,"computed":true},"labels":{"type":["map","string"],"description_kind":"plain","computed":true},"name":{"type":"string","description":"The cluster scan name","description_kind":"plain","optional":true,"computed":true},"run_type":{"type":"string","description":"The cluster scan run type","description_kind":"plain","computed":true},"scan_config":{"type":["list",["object",{"cis_scan_config":["list",["object",{"debug_master":"bool","debug_worker":"bool","override_benchmark_version":"string","override_skip":["list","string"],"profile":"string"}]]}]],"description":"The cluster scan config","description_kind":"plain","computed":true},"scan_type":{"type":"string","description":"The cluster scan type","description_kind":"plain","computed":true},"status":{"type":"string","description":"The cluster scan status","description_kind":"plain","computed":true}},"description_kind":"plain"}},"rancher2_cluster_template":{"version":0,"block":{"attributes":{"annotations":{"type":["map","string"],"description_kind":"plain","optional":true,"computed":true},"default_revision_id":{"type":"string","description":"Default cluster template revision ID","description_kind":"plain","computed":true},"description":{"type":"string","description":"Cluster template description","description_kind":"plain","optional":true,"computed":true},"id":{"type":"string","description_kind":"plain","optional":true,"computed":true},"labels":{"type":["map","string"],"description_kind":"plain","optional":true,"computed":true},"members":{"type":["list",["object",{"access_type":"string","group_principal_id":"string","user_principal_id":"string"}]],"description":"Cluster template members","description_kind":"plain","computed":true},"name":{"type":"string","description":"Cluster template name","description_kind":"plain","required":true},"template_revisions":{"type":["list",["object",{"annotations":["map","string"],"cluster_config":["list",["object",{"cluster_auth_endpoint":["list",["object",{"ca_certs":"string","enabled":"bool","fqdn":"string"}]],"default_cluster_role_for_project_members":"string","default_pod_security_policy_template_id":"string","desired_agent_image":"string","desired_auth_image":"string","docker_root_dir":"string","enable_cluster_alerting":"bool","enable_cluster_monitoring":"bool","enable_network_policy":"bool","rke_config":["list",["object",{"addon_job_timeout":"number","addons":"string","addons_include":["list","string"],"authentication":["list",["object",{"sans":["list","string"],"strategy":"string"}]],"authorization":["list",["object",{"mode":"string","options":["map","string"]}]],"bastion_host":["list",["object",{"address":"string","port":"string","ssh_agent_auth":"bool","ssh_key":"string","ssh_key_path":"string","user":"string"}]],"cloud_provider":["list",["object",{"aws_cloud_provider":["list",["object",{"global":["list",["object",{"disable_security_group_ingress":"bool","disable_strict_zone_check":"bool","elb_security_group":"string","kubernetes_cluster_id":"string","kubernetes_cluster_tag":"string","role_arn":"string","route_table_id":"string","subnet_id":"string","vpc":"string","zone":"string"}]],"service_override":["list",["object",{"region":"string","service":"string","signing_method":"string","signing_name":"string","signing_region":"string","url":"string"}]]}]],"azure_cloud_provider":["list",["object",{"aad_client_cert_password":"string","aad_client_cert_path":"string","aad_client_id":"string","aad_client_secret":"string","cloud":"string","cloud_provider_backoff":"bool","cloud_provider_backoff_duration":"number","cloud_provider_backoff_exponent":"number","cloud_provider_backoff_jitter":"number","cloud_provider_backoff_retries":"number","cloud_provider_rate_limit":"bool","cloud_provider_rate_limit_bucket":"number","cloud_provider_rate_limit_qps":"number","load_balancer_sku":"string","location":"string","maximum_load_balancer_rule_count":"number","primary_availability_set_name":"string","primary_scale_set_name":"string","resource_group":"string","route_table_name":"string","security_group_name":"string","subnet_name":"string","subscription_id":"string","tenant_id":"string","use_instance_metadata":"bool","use_managed_identity_extension":"bool","vm_type":"string","vnet_name":"string","vnet_resource_group":"string"}]],"custom_cloud_provider":"string","name":"string","openstack_cloud_provider":["list",["object",{"block_storage":["list",["object",{"bs_version":"string","ignore_volume_az":"bool","trust_device_path":"bool"}]],"global":["list",["object",{"auth_url":"string","ca_file":"string","domain_id":"string","domain_name":"string","password":"string","region":"string","tenant_id":"string","tenant_name":"string","trust_id":"string","username":"string"}]],"load_balancer":["list",["object",{"create_monitor":"bool","floating_network_id":"string","lb_method":"string","lb_provider":"string","lb_version":"string","manage_security_groups":"bool","monitor_delay":"string","monitor_max_retries":"number","monitor_timeout":"string","subnet_id":"string","use_octavia":"bool"}]],"metadata":["list",["object",{"request_timeout":"number","search_order":"string"}]],"route":["list",["object",{"router_id":"string"}]]}]],"vsphere_cloud_provider":["list",["object",{"disk":["list",["object",{"scsi_controller_type":"string"}]],"global":["list",["object",{"datacenters":"string","insecure_flag":"bool","password":"string","port":"string","soap_roundtrip_count":"number","user":"string"}]],"network":["list",["object",{"public_network":"string"}]],"virtual_center":["list",["object",{"datacenters":"string","name":"string","password":"string","port":"string","soap_roundtrip_count":"number","user":"string"}]],"workspace":["list",["object",{"datacenter":"string","default_datastore":"string","folder":"string","resourcepool_path":"string","server":"string"}]]}]]}]],"dns":["list",["object",{"node_selector":["map","string"],"nodelocal":["list",["object",{"ip_address":"string","node_selector":["map","string"]}]],"provider":"string","reverse_cidrs":["list","string"],"upstream_nameservers":["list","string"]}]],"ignore_docker_version":"bool","ingress":["list",["object",{"dns_policy":"string","extra_args":["map","string"],"node_selector":["map","string"],"options":["map","string"],"provider":"string"}]],"kubernetes_version":"string","monitoring":["list",["object",{"node_selector":["map","string"],"options":["map","string"],"provider":"string","replicas":"number","update_strategy":["list",["object",{"rolling_update":["list",["object",{"max_surge":"number","max_unavailable":"number"}]],"strategy":"string"}]]}]],"network":["list",["object",{"calico_network_provider":["list",["object",{"cloud_provider":"string"}]],"canal_network_provider":["list",["object",{"iface":"string"}]],"flannel_network_provider":["list",["object",{"iface":"string"}]],"mtu":"number","options":["map","string"],"plugin":"string","weave_network_provider":["list",["object",{"password":"string"}]]}]],"nodes":["list",["object",{"address":"string","docker_socket":"string","hostname_override":"string","internal_address":"string","labels":["map","string"],"node_id":"string","port":"string","role":["list","string"],"ssh_agent_auth":"bool","ssh_key":"string","ssh_key_path":"string","user":"string"}]],"prefix_path":"string","private_registries":["list",["object",{"is_default":"bool","password":"string","url":"string","user":"string"}]],"services":["list",["object",{"etcd":["list",["object",{"backup_config":["list",["object",{"enabled":"bool","interval_hours":"number","retention":"number","s3_backup_config":["list",["object",{"access_key":"string","bucket_name":"string","custom_ca":"string","endpoint":"string","folder":"string","region":"string","secret_key":"string"}]],"safe_timestamp":"bool"}]],"ca_cert":"string","cert":"string","creation":"string","external_urls":["list","string"],"extra_args":["map","string"],"extra_binds":["list","string"],"extra_env":["list","string"],"gid":"number","image":"string","key":"string","path":"string","retention":"string","snapshot":"bool","uid":"number"}]],"kube_api":["list",["object",{"admission_configuration":["map","string"],"always_pull_images":"bool","audit_log":["list",["object",{"configuration":["list",["object",{"format":"string","max_age":"number","max_backup":"number","max_size":"number","path":"string","policy":"string"}]],"enabled":"bool"}]],"event_rate_limit":["list",["object",{"configuration":["map","string"],"enabled":"bool"}]],"extra_args":["map","string"],"extra_binds":["list","string"],"extra_env":["list","string"],"image":"string","pod_security_policy":"bool","secrets_encryption_config":["list",["object",{"custom_config":["map","string"],"enabled":"bool"}]],"service_cluster_ip_range":"string","service_node_port_range":"string"}]],"kube_controller":["list",["object",{"cluster_cidr":"string","extra_args":["map","string"],"extra_binds":["list","string"],"extra_env":["list","string"],"image":"string","service_cluster_ip_range":"string"}]],"kubelet":["list",["object",{"cluster_dns_server":"string","cluster_domain":"string","extra_args":["map","string"],"extra_binds":["list","string"],"extra_env":["list","string"],"fail_swap_on":"bool","generate_serving_certificate":"bool","image":"string","infra_container_image":"string"}]],"kubeproxy":["list",["object",{"extra_args":["map","string"],"extra_binds":["list","string"],"extra_env":["list","string"],"image":"string"}]],"scheduler":["list",["object",{"extra_args":["map","string"],"extra_binds":["list","string"],"extra_env":["list","string"],"image":"string"}]]}]],"ssh_agent_auth":"bool","ssh_cert_path":"string","ssh_key_path":"string","upgrade_strategy":["list",["object",{"drain":"bool","drain_input":["list",["object",{"delete_local_data":"bool","force":"bool","grace_period":"number","ignore_daemon_sets":"bool","timeout":"number"}]],"max_unavailable_controlplane":"string","max_unavailable_worker":"string"}]]}]],"scheduled_cluster_scan":["list",["object",{"enabled":"bool","scan_config":["list",["object",{"cis_scan_config":["list",["object",{"debug_master":"bool","debug_worker":"bool","override_benchmark_version":"string","override_skip":["list","string"],"profile":"string"}]]}]],"schedule_config":["list",["object",{"cron_schedule":"string","retention":"number"}]]}]],"windows_prefered_cluster":"bool"}]],"cluster_template_id":"string","default":"bool","enabled":"bool","id":"string","labels":["map","string"],"name":"string","questions":["list",["object",{"default":"string","required":"bool","type":"string","variable":"string"}]]}]],"description":"Cluster template revisions","description_kind":"plain","computed":true}},"description_kind":"plain"}},"rancher2_etcd_backup":{"version":0,"block":{"attributes":{"annotations":{"type":["map","string"],"description_kind":"plain","computed":true},"backup_config":{"type":["list",["object",{"enabled":"bool","interval_hours":"number","retention":"number","s3_backup_config":["list",["object",{"access_key":"string","bucket_name":"string","custom_ca":"string","endpoint":"string","folder":"string","region":"string","secret_key":"string"}]],"safe_timestamp":"bool"}]],"description_kind":"plain","computed":true},"cluster_id":{"type":"string","description_kind":"plain","required":true},"filename":{"type":"string","description_kind":"plain","computed":true},"id":{"type":"string","description_kind":"plain","optional":true,"computed":true},"labels":{"type":["map","string"],"description_kind":"plain","computed":true},"manual":{"type":"bool","description_kind":"plain","computed":true},"name":{"type":"string","description_kind":"plain","required":true},"namespace_id":{"type":"string","description_kind":"plain","computed":true}},"description_kind":"plain"}},"rancher2_global_role_binding":{"version":0,"block":{"attributes":{"annotations":{"type":["map","string"],"description_kind":"plain","computed":true},"global_role_id":{"type":"string","description_kind":"plain","optional":true,"computed":true},"group_principal_id":{"type":"string","description_kind":"plain","computed":true},"id":{"type":"string","description_kind":"plain","optional":true,"computed":true},"labels":{"type":["map","string"],"description_kind":"plain","computed":true},"name":{"type":"string","description_kind":"plain","required":true},"user_id":{"type":"string","description_kind":"plain","computed":true}},"description_kind":"plain"}},"rancher2_multi_cluster_app":{"version":0,"block":{"attributes":{"annotations":{"type":["map","string"],"description_kind":"plain","computed":true},"answers":{"type":["list",["object",{"cluster_id":"string","project_id":"string","values":["map","string"]}]],"description":"Multi cluster app answers","description_kind":"plain","computed":true},"catalog_name":{"type":"string","description":"Multi cluster app catalog name","description_kind":"plain","computed":true},"id":{"type":"string","description_kind":"plain","optional":true,"computed":true},"labels":{"type":["map","string"],"description_kind":"plain","computed":true},"members":{"type":["list",["object",{"access_type":"string","group_principal_id":"string","user_principal_id":"string"}]],"description":"Multi cluster app members","description_kind":"plain","computed":true},"name":{"type":"string","description":"Multi cluster app name","description_kind":"plain","required":true},"revision_history_limit":{"type":"number","description":"Multi cluster app revision history limit","description_kind":"plain","computed":true},"revision_id":{"type":"string","description":"Multi cluster app revision id","description_kind":"plain","computed":true},"roles":{"type":["list","string"],"description":"Multi cluster app members","description_kind":"plain","computed":true},"targets":{"type":["list",["object",{"app_id":"string","health_state":"string","project_id":"string","state":"string"}]],"description":"Multi cluster app targets","description_kind":"plain","computed":true},"template_name":{"type":"string","description":"Multi cluster app template name","description_kind":"plain","computed":true},"template_version":{"type":"string","description":"Multi cluster app template version","description_kind":"plain","computed":true},"template_version_id":{"type":"string","description":"Multi cluster app template version ID","description_kind":"plain","computed":true},"upgrade_strategy":{"type":["list",["object",{"rolling_update":["list",["object",{"batch_size":"number","interval":"number"}]]}]],"description":"Multi cluster app upgrade strategy","description_kind":"plain","computed":true}},"description_kind":"plain"}},"rancher2_namespace":{"version":0,"block":{"attributes":{"annotations":{"type":["map","string"],"description":"Annotations of the k8s namespace managed by rancher v2","description_kind":"plain","computed":true},"container_resource_limit":{"type":["list",["object",{"limits_cpu":"string","limits_memory":"string","requests_cpu":"string","requests_memory":"string"}]],"description_kind":"plain","computed":true},"description":{"type":"string","description":"Description of the k8s namespace managed by rancher v2","description_kind":"plain","computed":true},"id":{"type":"string","description_kind":"plain","optional":true,"computed":true},"labels":{"type":["map","string"],"description":"Labels of the k8s namespace managed by rancher v2","description_kind":"plain","computed":true},"name":{"type":"string","description":"Name of the k8s namespace managed by rancher v2","description_kind":"plain","required":true},"project_id":{"type":"string","description":"Project ID where k8s namespace belongs","description_kind":"plain","required":true},"resource_quota":{"type":["list",["object",{"limit":["list",["object",{"config_maps":"string","limits_cpu":"string","limits_memory":"string","persistent_volume_claims":"string","pods":"string","replication_controllers":"string","requests_cpu":"string","requests_memory":"string","requests_storage":"string","secrets":"string","services":"string","services_load_balancers":"string","services_node_ports":"string"}]]}]],"description_kind":"plain","computed":true}},"description_kind":"plain"}},"rancher2_node_driver":{"version":0,"block":{"attributes":{"active":{"type":"bool","description_kind":"plain","computed":true},"annotations":{"type":["map","string"],"description_kind":"plain","computed":true},"builtin":{"type":"bool","description_kind":"plain","computed":true},"checksum":{"type":"string","description_kind":"plain","computed":true},"description":{"type":"string","description_kind":"plain","computed":true},"external_id":{"type":"string","description_kind":"plain","computed":true},"id":{"type":"string","description_kind":"plain","optional":true,"computed":true},"labels":{"type":["map","string"],"description_kind":"plain","computed":true},"name":{"type":"string","description_kind":"plain","required":true},"ui_url":{"type":"string","description_kind":"plain","computed":true},"url":{"type":"string","description_kind":"plain","optional":true,"computed":true},"whitelist_domains":{"type":["list","string"],"description_kind":"plain","computed":true}},"description_kind":"plain"}},"rancher2_node_pool":{"version":0,"block":{"attributes":{"annotations":{"type":["map","string"],"description_kind":"plain","computed":true},"cluster_id":{"type":"string","description_kind":"plain","required":true},"control_plane":{"type":"bool","description_kind":"plain","computed":true},"delete_not_ready_after_secs":{"type":"number","description_kind":"plain","computed":true},"etcd":{"type":"bool","description_kind":"plain","computed":true},"hostname_prefix":{"type":"string","description_kind":"plain","computed":true},"id":{"type":"string","description_kind":"plain","optional":true,"computed":true},"labels":{"type":["map","string"],"description_kind":"plain","computed":true},"name":{"type":"string","description_kind":"plain","required":true},"node_taints":{"type":["list",["object",{"effect":"string","key":"string","time_added":"string","value":"string"}]],"description_kind":"plain","computed":true},"node_template_id":{"type":"string","description_kind":"plain","optional":true,"computed":true},"quantity":{"type":"number","description_kind":"plain","computed":true},"worker":{"type":"bool","description_kind":"plain","computed":true}},"description_kind":"plain"}},"rancher2_node_template":{"version":0,"block":{"attributes":{"annotations":{"type":["map","string"],"description_kind":"plain","computed":true},"cloud_credential_id":{"type":"string","description_kind":"plain","computed":true},"description":{"type":"string","description_kind":"plain","computed":true},"driver":{"type":"string","description_kind":"plain","computed":true},"engine_env":{"type":["map","string"],"description_kind":"plain","computed":true},"engine_insecure_registry":{"type":["list","string"],"description_kind":"plain","computed":true},"engine_install_url":{"type":"string","description_kind":"plain","computed":true},"engine_label":{"type":["map","string"],"description_kind":"plain","computed":true},"engine_opt":{"type":["map","string"],"description_kind":"plain","computed":true},"engine_registry_mirror":{"type":["list","string"],"description_kind":"plain","computed":true},"engine_storage_driver":{"type":"string","description_kind":"plain","computed":true},"id":{"type":"string","description_kind":"plain","optional":true,"computed":true},"labels":{"type":["map","string"],"description_kind":"plain","computed":true},"name":{"type":"string","description_kind":"plain","required":true},"use_internal_ip_address":{"type":"bool","description_kind":"plain","optional":true}},"description_kind":"plain"}},"rancher2_notifier":{"version":0,"block":{"attributes":{"annotations":{"type":["map","string"],"description_kind":"plain","computed":true},"cluster_id":{"type":"string","description":"Notifier cluster ID","description_kind":"plain","required":true},"description":{"type":"string","description":"Notifier description","description_kind":"plain","computed":true},"id":{"type":"string","description_kind":"plain","optional":true,"computed":true},"labels":{"type":["map","string"],"description_kind":"plain","computed":true},"name":{"type":"string","description":"Notifier name","description_kind":"plain","required":true},"pagerduty_config":{"type":["list",["object",{"proxy_url":"string","service_key":"string"}]],"description_kind":"plain","computed":true},"slack_config":{"type":["list",["object",{"default_recipient":"string","proxy_url":"string","url":"string"}]],"description_kind":"plain","computed":true},"smtp_config":{"type":["list",["object",{"default_recipient":"string","host":"string","password":"string","port":"number","sender":"string","tls":"bool","username":"string"}]],"description_kind":"plain","computed":true},"webhook_config":{"type":["list",["object",{"proxy_url":"string","url":"string"}]],"description_kind":"plain","computed":true},"wechat_config":{"type":["list",["object",{"agent":"string","corp":"string","default_recipient":"string","proxy_url":"string","recipient_type":"string","secret":"string"}]],"description_kind":"plain","computed":true}},"description_kind":"plain"}},"rancher2_pod_security_policy_template":{"version":0,"block":{"attributes":{"allow_privilege_escalation":{"type":"bool","description":"allowPrivilegeEscalation determines if a pod can request to allow privilege escalation. If unspecified, defaults to true.","description_kind":"plain","optional":true,"computed":true},"allowed_capabilities":{"type":["list","string"],"description":"allowedCapabilities is a list of capabilities that can be requested to add to the container. Capabilities in this field may be added at the pod author's discretion. You must not list a capability in both allowedCapabilities and requiredDropCapabilities.","description_kind":"plain","optional":true},"allowed_proc_mount_types":{"type":["list","string"],"description":"AllowedProcMountTypes is a whitelist of allowed ProcMountTypes. Empty or nil indicates that only the DefaultProcMountType may be used. This requires the ProcMountType feature flag to be enabled.","description_kind":"plain","optional":true},"allowed_unsafe_sysctls":{"type":["list","string"],"description":"allowedUnsafeSysctls is a list of explicitly allowed unsafe sysctls, defaults to none. Each entry is either a plain sysctl name or ends in \"*\" in which case it is considered as a prefix of allowed sysctls. Single * means all unsafe sysctls are allowed. Kubelet has to whitelist all allowed unsafe sysctls explicitly to avoid rejection.","description_kind":"plain","optional":true},"annotations":{"type":["map","string"],"description":"Annotations of the resource","description_kind":"plain","optional":true,"computed":true},"default_add_capabilities":{"type":["list","string"],"description":"defaultAddCapabilities is the default set of capabilities that will be added to the container unless the pod spec specifically drops the capability.  You may not list a capability in both defaultAddCapabilities and requiredDropCapabilities. Capabilities added here are implicitly allowed, and need not be included in the allowedCapabilities list.","description_kind":"plain","optional":true},"default_allow_privilege_escalation":{"type":"bool","description":"defaultAllowPrivilegeEscalation controls the default setting for whether a process can gain more privileges than its parent process.","description_kind":"plain","optional":true},"description":{"type":"string","description":"Pod Security Policy template policy description","description_kind":"plain","optional":true,"computed":true},"forbidden_sysctls":{"type":["list","string"],"description":"forbiddenSysctls is a list of explicitly forbidden sysctls, defaults to none. Each entry is either a plain sysctl name or ends in \"*\" in which case it is considered as a prefix of forbidden sysctls. Single * means all sysctls are forbidden.","description_kind":"plain","optional":true},"host_ipc":{"type":"bool","description":"hostIPC determines if the policy allows the use of HostIPC in the pod spec.","description_kind":"plain","optional":true,"computed":true},"host_network":{"type":"bool","description":"hostNetwork determines if the policy allows the use of HostNetwork in the pod spec.","description_kind":"plain","optional":true,"computed":true},"host_pid":{"type":"bool","description":"hostPID determines if the policy allows the use of HostPID in the pod spec.","description_kind":"plain","optional":true,"computed":true},"id":{"type":"string","description_kind":"plain","optional":true,"computed":true},"labels":{"type":["map","string"],"description":"Labels of the resource","description_kind":"plain","optional":true,"computed":true},"name":{"type":"string","description":"Pod Security Policy template policy name","description_kind":"plain","required":true},"privileged":{"type":"bool","description":"privileged determines if a pod can request to be run as privileged.","description_kind":"plain","optional":true,"computed":true},"read_only_root_filesystem":{"type":"bool","description":"readOnlyRootFilesystem when set to true will force containers to run with a read only root file system.  If the container specifically requests to run with a non-read only root file system the PSP should deny the pod. If set to false the container may run with a read only root file system if it wishes but it will not be forced to.","description_kind":"plain","optional":true,"computed":true},"required_drop_capabilities":{"type":["list","string"],"description":"requiredDropCapabilities are the capabilities that will be dropped from the container.  These are required to be dropped and cannot be added.","description_kind":"plain","optional":true},"volumes":{"type":["list","string"],"description":"volumes is a white list of allowed volume plugins. Empty indicates that no volumes may be used. To allow all volumes you may use '*'","description_kind":"plain","optional":true,"computed":true}},"block_types":{"allowed_csi_driver":{"nesting_mode":"list","block":{"attributes":{"name":{"type":"string","description":"Name is the registered name of the CSI driver","description_kind":"plain","required":true}},"description_kind":"plain"}},"allowed_flex_volume":{"nesting_mode":"list","block":{"attributes":{"driver":{"type":"string","description":"driver is the name of the Flexvolume driver.","description_kind":"plain","required":true}},"description_kind":"plain"}},"allowed_host_path":{"nesting_mode":"list","block":{"attributes":{"path_prefix":{"type":"string","description":"pathPrefix is the path prefix that the host volume must match. It does not support `*`. Trailing slashes are trimmed when validating the path prefix with a host path.","description_kind":"plain","required":true},"read_only":{"type":"bool","description":"when set to true, will allow host volumes matching the pathPrefix only if all volume mounts are readOnly.","description_kind":"plain","optional":true}},"description_kind":"plain"}},"fs_group":{"nesting_mode":"list","block":{"attributes":{"rule":{"type":"string","description":"rule is the strategy that will dictate what FSGroup is used in the SecurityContext.","description_kind":"plain","optional":true}},"block_types":{"range":{"nesting_mode":"list","block":{"attributes":{"max":{"type":"number","description":"max is the end of the range, inclusive.","description_kind":"plain","required":true},"min":{"type":"number","description":"min is the start of the range, inclusive.","description_kind":"plain","required":true}},"description_kind":"plain"}}},"description_kind":"plain"},"max_items":1},"host_port":{"nesting_mode":"list","block":{"attributes":{"max":{"type":"number","description":"max is the end of the range, inclusive.","description_kind":"plain","required":true},"min":{"type":"number","description":"min is the start of the range, inclusive.","description_kind":"plain","required":true}},"description_kind":"plain"}},"run_as_group":{"nesting_mode":"list","block":{"attributes":{"rule":{"type":"string","description":"rule is the strategy that will dictate the allowable RunAsGroup values that may be set.","description_kind":"plain","required":true}},"block_types":{"range":{"nesting_mode":"list","block":{"attributes":{"max":{"type":"number","description":"max is the end of the range, inclusive.","description_kind":"plain","required":true},"min":{"type":"number","description":"min is the start of the range, inclusive.","description_kind":"plain","required":true}},"description_kind":"plain"}}},"description_kind":"plain"},"max_items":1},"run_as_user":{"nesting_mode":"list","block":{"attributes":{"rule":{"type":"string","description":"rule is the strategy that will dictate the allowable RunAsUser values that may be set.","description_kind":"plain","required":true}},"block_types":{"range":{"nesting_mode":"list","block":{"attributes":{"max":{"type":"number","description":"max is the end of the range, inclusive.","description_kind":"plain","required":true},"min":{"type":"number","description":"min is the start of the range, inclusive.","description_kind":"plain","required":true}},"description_kind":"plain"}}},"description_kind":"plain"},"max_items":1},"runtime_class":{"nesting_mode":"list","block":{"attributes":{"allowed_runtime_class_names":{"type":["list","string"],"description":"allowedRuntimeClassNames is a whitelist of RuntimeClass names that may be specified on a pod. A value of \"*\" means that any RuntimeClass name is allowed, and must be the only item in the list. An empty list requires the RuntimeClassName field to be unset.","description_kind":"plain","required":true},"default_runtime_class_name":{"type":"string","description":"defaultRuntimeClassName is the default RuntimeClassName to set on the pod. The default MUST be allowed by the allowedRuntimeClassNames list. A value of nil does not mutate the Pod.","description_kind":"plain","optional":true}},"description_kind":"plain"},"max_items":1},"se_linux":{"nesting_mode":"list","block":{"attributes":{"rule":{"type":"string","description":"rule is the strategy that will dictate the allowable labels that may be set.","description_kind":"plain","required":true}},"block_types":{"se_linux_option":{"nesting_mode":"list","block":{"attributes":{"level":{"type":"string","description":"Level is SELinux level label that applies to the container.","description_kind":"plain","optional":true},"role":{"type":"string","description":"Role is a SELinux role label that applies to the container.","description_kind":"plain","optional":true},"type":{"type":"string","description":"Type is a SELinux type label that applies to the container.","description_kind":"plain","optional":true},"user":{"type":"string","description":"User is a SELinux user label that applies to the container.","description_kind":"plain","optional":true}},"description_kind":"plain"},"max_items":1}},"description_kind":"plain"},"max_items":1},"supplemental_group":{"nesting_mode":"list","block":{"attributes":{"rule":{"type":"string","description":"rule is the strategy that will dictate what supplemental groups is used in the SecurityContext.","description_kind":"plain","optional":true}},"block_types":{"range":{"nesting_mode":"list","block":{"attributes":{"max":{"type":"number","description":"max is the end of the range, inclusive.","description_kind":"plain","required":true},"min":{"type":"number","description":"min is the start of the range, inclusive.","description_kind":"plain","required":true}},"description_kind":"plain"}}},"description_kind":"plain"},"max_items":1}},"description_kind":"plain"}},"rancher2_project":{"version":0,"block":{"attributes":{"annotations":{"type":["map","string"],"description_kind":"plain","computed":true},"cluster_id":{"type":"string","description":"ID of the cluster to whom the project belongs","description_kind":"plain","required":true},"container_resource_limit":{"type":["list",["object",{"limits_cpu":"string","limits_memory":"string","requests_cpu":"string","requests_memory":"string"}]],"description_kind":"plain","computed":true},"description":{"type":"string","description":"Description of the project","description_kind":"plain","computed":true},"enable_project_monitoring":{"type":"bool","description":"Enable built-in project monitoring","description_kind":"plain","computed":true},"id":{"type":"string","description_kind":"plain","optional":true,"computed":true},"labels":{"type":["map","string"],"description_kind":"plain","computed":true},"name":{"type":"string","description":"Name of the project","description_kind":"plain","required":true},"pod_security_policy_template_id":{"type":"string","description_kind":"plain","computed":true},"resource_quota":{"type":["list",["object",{"namespace_default_limit":["list",["object",{"config_maps":"string","limits_cpu":"string","limits_memory":"string","persistent_volume_claims":"string","pods":"string","replication_controllers":"string","requests_cpu":"string","requests_memory":"string","requests_storage":"string","secrets":"string","services":"string","services_load_balancers":"string","services_node_ports":"string"}]],"project_limit":["list",["object",{"config_maps":"string","limits_cpu":"string","limits_memory":"string","persistent_volume_claims":"string","pods":"string","replication_controllers":"string","requests_cpu":"string","requests_memory":"string","requests_storage":"string","secrets":"string","services":"string","services_load_balancers":"string","services_node_ports":"string"}]]}]],"description_kind":"plain","computed":true},"uuid":{"type":"string","description":"UUID of the project","description_kind":"plain","computed":true}},"description_kind":"plain"}},"rancher2_project_alert_group":{"version":0,"block":{"attributes":{"annotations":{"type":["map","string"],"description_kind":"plain","computed":true},"description":{"type":"string","description":"Alert group description","description_kind":"plain","computed":true},"group_interval_seconds":{"type":"number","description":"Alert group interval seconds","description_kind":"plain","computed":true},"group_wait_seconds":{"type":"number","description":"Alert group wait seconds","description_kind":"plain","computed":true},"id":{"type":"string","description_kind":"plain","optional":true,"computed":true},"labels":{"type":["map","string"],"description_kind":"plain","computed":true},"name":{"type":"string","description":"Alert group name","description_kind":"plain","required":true},"project_id":{"type":"string","description":"Alert group project ID","description_kind":"plain","required":true},"recipients":{"type":["list",["object",{"default_recipient":"bool","notifier_id":"string","notifier_type":"string","recipient":"string"}]],"description":"Alert group recipients","description_kind":"plain","computed":true},"repeat_interval_seconds":{"type":"number","description":"Alert group repeat interval seconds","description_kind":"plain","computed":true}},"description_kind":"plain"}},"rancher2_project_alert_rule":{"version":0,"block":{"attributes":{"annotations":{"type":["map","string"],"description_kind":"plain","computed":true},"group_id":{"type":"string","description":"Alert rule group ID","description_kind":"plain","computed":true},"group_interval_seconds":{"type":"number","description":"Alert rule interval seconds","description_kind":"plain","computed":true},"group_wait_seconds":{"type":"number","description":"Alert rule wait seconds","description_kind":"plain","computed":true},"id":{"type":"string","description_kind":"plain","optional":true,"computed":true},"inherited":{"type":"bool","description":"Alert rule inherited","description_kind":"plain","computed":true},"labels":{"type":["map","string"],"description_kind":"plain","optional":true},"metric_rule":{"type":["list",["object",{"comparison":"string","description":"string","duration":"string","expression":"string","threshold_value":"number"}]],"description":"Alert metric rule","description_kind":"plain","computed":true},"name":{"type":"string","description":"Alert rule name","description_kind":"plain","required":true},"pod_rule":{"type":["list",["object",{"condition":"string","pod_id":"string","restart_interval_seconds":"number","restart_times":"number"}]],"description":"Alert pod rule","description_kind":"plain","computed":true},"project_id":{"type":"string","description":"Alert rule project ID","description_kind":"plain","required":true},"repeat_interval_seconds":{"type":"number","description":"Alert rule repeat interval seconds","description_kind":"plain","computed":true},"severity":{"type":"string","description":"Alert rule severity","description_kind":"plain","computed":true},"workload_rule":{"type":["list",["object",{"available_percentage":"number","selector":["map","string"],"workload_id":"string"}]],"description":"Alert workload rule","description_kind":"plain","computed":true}},"description_kind":"plain"}},"rancher2_project_logging":{"version":0,"block":{"attributes":{"annotations":{"type":["map","string"],"description_kind":"plain","computed":true},"custom_target_config":{"type":["list",["object",{"certificate":"string","client_cert":"string","client_key":"string","content":"string"}]],"description_kind":"plain","computed":true},"elasticsearch_config":{"type":["list",["object",{"auth_password":"string","auth_username":"string","certificate":"string","client_cert":"string","client_key":"string","client_key_pass":"string","date_format":"string","endpoint":"string","index_prefix":"string","ssl_verify":"bool","ssl_version":"string"}]],"description_kind":"plain","computed":true},"enable_json_parsing":{"type":"bool","description":"Optional enable json log parsing","description_kind":"plain","computed":true},"fluentd_config":{"type":["list",["object",{"certificate":"string","compress":"bool","enable_tls":"bool","fluent_servers":["list",["object",{"endpoint":"string","hostname":"string","password":"string","shared_key":"string","standby":"bool","username":"string","weight":"number"}]]}]],"description_kind":"plain","computed":true},"id":{"type":"string","description_kind":"plain","optional":true,"computed":true},"kafka_config":{"type":["list",["object",{"broker_endpoints":["list","string"],"certificate":"string","client_cert":"string","client_key":"string","topic":"string","zookeeper_endpoint":"string"}]],"description_kind":"plain","computed":true},"kind":{"type":"string","description_kind":"plain","computed":true},"labels":{"type":["map","string"],"description_kind":"plain","computed":true},"name":{"type":"string","description_kind":"plain","computed":true},"namespace_id":{"type":"string","description_kind":"plain","computed":true},"output_flush_interval":{"type":"number","description_kind":"plain","computed":true},"output_tags":{"type":["map","string"],"description_kind":"plain","computed":true},"project_id":{"type":"string","description_kind":"plain","required":true},"splunk_config":{"type":["list",["object",{"certificate":"string","client_cert":"string","client_key":"string","client_key_pass":"string","endpoint":"string","index":"string","source":"string","ssl_verify":"bool","token":"string"}]],"description_kind":"plain","computed":true},"syslog_config":{"type":["list",["object",{"certificate":"string","client_cert":"string","client_key":"string","endpoint":"string","program":"string","protocol":"string","severity":"string","ssl_verify":"bool","token":"string"}]],"description_kind":"plain","computed":true}},"description_kind":"plain"}},"rancher2_project_role_template_binding":{"version":0,"block":{"attributes":{"annotations":{"type":["map","string"],"description_kind":"plain","computed":true},"group_id":{"type":"string","description_kind":"plain","computed":true},"group_principal_id":{"type":"string","description_kind":"plain","computed":true},"id":{"type":"string","description_kind":"plain","optional":true,"computed":true},"labels":{"type":["map","string"],"description_kind":"plain","computed":true},"name":{"type":"string","description_kind":"plain","required":true},"project_id":{"type":"string","description_kind":"plain","required":true},"role_template_id":{"type":"string","description_kind":"plain","optional":true,"computed":true},"user_id":{"type":"string","description_kind":"plain","computed":true},"user_principal_id":{"type":"string","description_kind":"plain","computed":true}},"description_kind":"plain"}},"rancher2_registry":{"version":0,"block":{"attributes":{"annotations":{"type":["map","string"],"description":"Annotations of the docker registry","description_kind":"plain","computed":true},"description":{"type":"string","description":"Description of the docker registry","description_kind":"plain","computed":true},"id":{"type":"string","description_kind":"plain","optional":true,"computed":true},"labels":{"type":["map","string"],"description":"Labels of the docker registry","description_kind":"plain","computed":true},"name":{"type":"string","description":"Name of the docker registry","description_kind":"plain","required":true},"namespace_id":{"type":"string","description":"Namespace ID to add docker registry","description_kind":"plain","optional":true},"project_id":{"type":"string","description":"Project ID to add docker registry","description_kind":"plain","required":true},"registries":{"type":["list",["object",{"address":"string","password":"string","username":"string"}]],"description_kind":"plain","computed":true}},"description_kind":"plain"}},"rancher2_role_template":{"version":0,"block":{"attributes":{"administrative":{"type":"bool","description":"Administrative role template","description_kind":"plain","computed":true},"annotations":{"type":["map","string"],"description":"Annotations of the role template","description_kind":"plain","computed":true},"builtin":{"type":"bool","description":"Builtin role template","description_kind":"plain","computed":true},"context":{"type":"string","description":"Context role template","description_kind":"plain","optional":true,"computed":true},"default_role":{"type":"bool","description":"Default role template for new created cluster or project","description_kind":"plain","computed":true},"description":{"type":"string","description":"Role template policy description","description_kind":"plain","computed":true},"external":{"type":"bool","description":"External role template","description_kind":"plain","computed":true},"hidden":{"type":"bool","description":"Hidden role template","description_kind":"plain","computed":true},"id":{"type":"string","description_kind":"plain","optional":true,"computed":true},"labels":{"type":["map","string"],"description":"Labels of the role template","description_kind":"plain","computed":true},"locked":{"type":"bool","description":"Locked role template","description_kind":"plain","computed":true},"name":{"type":"string","description":"Role template policy name","description_kind":"plain","required":true},"role_template_ids":{"type":["list","string"],"description":"Inherit role template IDs","description_kind":"plain","computed":true},"rules":{"type":["list",["object",{"api_groups":["list","string"],"non_resource_urls":["list","string"],"resource_names":["list","string"],"resources":["list","string"],"verbs":["list","string"]}]],"description":"Role template policy rules","description_kind":"plain","computed":true}},"description_kind":"plain"}},"rancher2_secret":{"version":0,"block":{"attributes":{"annotations":{"type":["map","string"],"description":"Annotations of the secret","description_kind":"plain","computed":true},"data":{"type":["map","string"],"description":"Secret data base64 encoded","description_kind":"plain","computed":true},"description":{"type":"string","description":"Description of the secret","description_kind":"plain","computed":true},"id":{"type":"string","description_kind":"plain","optional":true,"computed":true},"labels":{"type":["map","string"],"description":"Labels of the secret","description_kind":"plain","computed":true},"name":{"type":"string","description":"Name of the secret","description_kind":"plain","required":true},"namespace_id":{"type":"string","description":"Namespace ID to add secret","description_kind":"plain","optional":true},"project_id":{"type":"string","description":"Project ID to add secret","description_kind":"plain","required":true}},"description_kind":"plain"}},"rancher2_setting":{"version":0,"block":{"attributes":{"id":{"type":"string","description_kind":"plain","optional":true,"computed":true},"name":{"type":"string","description_kind":"plain","required":true},"value":{"type":"string","description_kind":"plain","computed":true}},"description_kind":"plain"}},"rancher2_user":{"version":0,"block":{"attributes":{"annotations":{"type":["map","string"],"description_kind":"plain","computed":true},"enabled":{"type":"bool","description_kind":"plain","computed":true},"id":{"type":"string","description_kind":"plain","optional":true,"computed":true},"is_external":{"type":"bool","description_kind":"plain","optional":true},"labels":{"type":["map","string"],"description_kind":"plain","computed":true},"name":{"type":"string","description_kind":"plain","optional":true,"computed":true},"principal_ids":{"type":["list","string"],"description_kind":"plain","computed":true},"username":{"type":"string","description_kind":"plain","optional":true,"computed":true}},"description_kind":"plain"}}}}}}
