{"format_version":"0.2","provider_schemas":{"registry.terraform.io/rollbar/rollbar":{"provider":{"version":0,"block":{"attributes":{"api_key":{"type":"string","description":"Rollbar API authentication token. Value will be sourced from environment variable `ROLLBAR_API_KEY` if set.","description_kind":"plain","optional":true},"api_url":{"type":"string","description":"Base URL for the Rollbar API.  Defaults to https://api.rollbar.com.  Value will be sourced from environment variable `ROLLBAR_API_URL` if set.","description_kind":"plain","optional":true},"project_api_key":{"type":"string","description":"Rollbar API authentication token (project level). Value will be sourced from environment variable `ROLLBAR_PROJECT_API_KEY` if set.","description_kind":"plain","optional":true}},"description_kind":"plain"}},"resource_schemas":{"rollbar_notification":{"version":0,"block":{"attributes":{"channel":{"type":"string","description":"Channel","description_kind":"plain","required":true},"id":{"type":"string","description_kind":"plain","optional":true,"computed":true}},"block_types":{"config":{"nesting_mode":"set","block":{"attributes":{"channel":{"type":"string","description":"Channel (slack)","description_kind":"plain","optional":true},"message_template":{"type":"string","description":"Message template (slack)","description_kind":"plain","optional":true},"service_key":{"type":"string","description":"Service key (pagerduty)","description_kind":"plain","optional":true},"show_message_buttons":{"type":"bool","description":"Show message buttons (slack)","description_kind":"plain","optional":true},"teams":{"type":["list","string"],"description":"Teams (email)","description_kind":"plain","optional":true},"users":{"type":["list","string"],"description":"Users (email)","description_kind":"plain","optional":true}},"description_kind":"plain"}},"rule":{"nesting_mode":"set","block":{"attributes":{"trigger":{"type":"string","description":"Trigger","description_kind":"plain","required":true}},"block_types":{"filters":{"nesting_mode":"list","block":{"attributes":{"count":{"type":"number","description":"Count","description_kind":"plain","optional":true},"operation":{"type":"string","description":"Operation","description_kind":"plain","optional":true},"period":{"type":"number","description":"Period","description_kind":"plain","optional":true},"type":{"type":"string","description":"Operation","description_kind":"plain","required":true},"value":{"type":"string","description":"Value","description_kind":"plain","optional":true}},"description":"Filters","description_kind":"plain"}}},"description":"Human readable name for the rule","description_kind":"plain"},"min_items":1}},"description_kind":"plain"}},"rollbar_project":{"version":0,"block":{"attributes":{"account_id":{"type":"number","description":"ID of the account that owns the project","description_kind":"plain","computed":true},"date_created":{"type":"number","description":"Date the project was created","description_kind":"plain","computed":true},"date_modified":{"type":"number","description":"Date the project was last modified","description_kind":"plain","computed":true},"id":{"type":"string","description_kind":"plain","optional":true,"computed":true},"name":{"type":"string","description":"The human readable name for the project","description_kind":"plain","required":true},"status":{"type":"string","description":"Status of the project","description_kind":"plain","computed":true},"team_ids":{"type":["set","number"],"description":"IDs of the teams assigned to the project","description_kind":"plain","optional":true}},"description_kind":"plain"}},"rollbar_project_access_token":{"version":0,"block":{"attributes":{"access_token":{"type":"string","description":"Access token for Rollbar API","description_kind":"plain","computed":true},"cur_rate_limit_window_count":{"type":"number","description":"Count of calls in the current window","description_kind":"plain","computed":true},"cur_rate_limit_window_start":{"type":"number","description":"Time when the current window began","description_kind":"plain","computed":true},"date_created":{"type":"number","description":"Date the project was created","description_kind":"plain","computed":true},"date_modified":{"type":"number","description":"Date the project was last modified","description_kind":"plain","computed":true},"id":{"type":"string","description_kind":"plain","optional":true,"computed":true},"name":{"type":"string","description":"The human readable name for the token","description_kind":"plain","required":true},"project_id":{"type":"number","description":"ID of the Rollbar project to which this token belongs","description_kind":"plain","required":true},"rate_limit_window_count":{"type":"number","description":"Total number of calls allowed within the rate limit window","description_kind":"plain","optional":true},"rate_limit_window_size":{"type":"number","description":"Total number of seconds that makes up the rate limit window","description_kind":"plain","optional":true},"scopes":{"type":["list","string"],"description":"List of access scopes granted to the token.  Possible values are \"read\", \"write\", \"post_server_item\", and \"post_client_server\".","description_kind":"plain","required":true},"status":{"type":"string","description":"Status of the token.  Possible values are \"enabled\" and \"disabled\"","description_kind":"plain","optional":true}},"description_kind":"plain"}},"rollbar_team":{"version":0,"block":{"attributes":{"access_level":{"type":"string","description":"The team's access level.  Must be \"standard\", \"light\", or \"view\".  Defaults to \"standard\".","description_kind":"plain","optional":true},"account_id":{"type":"number","description":"ID of account that owns the team","description_kind":"plain","computed":true},"id":{"type":"string","description_kind":"plain","optional":true,"computed":true},"name":{"type":"string","description":"Human readable name for the team","description_kind":"plain","required":true}},"description_kind":"plain"}},"rollbar_user":{"version":0,"block":{"attributes":{"email":{"type":"string","description":"The user's email address","description_kind":"plain","required":true},"id":{"type":"string","description_kind":"plain","optional":true,"computed":true},"status":{"type":"string","description":"Status of the user.  Either `invited` or `subscribed`","description_kind":"plain","computed":true},"team_ids":{"type":["set","number"],"description":"IDs of the teams to which this user belongs","description_kind":"plain","required":true},"user_id":{"type":"number","description":"The ID of the user","description_kind":"plain","computed":true},"username":{"type":"string","description":"The user's username","description_kind":"plain","computed":true}},"description_kind":"plain"}}},"data_source_schemas":{"rollbar_project":{"version":0,"block":{"attributes":{"account_id":{"type":"number","description":"ID of account that owns the project","description_kind":"plain","computed":true},"date_created":{"type":"number","description":"Date the project was created","description_kind":"plain","computed":true},"date_modified":{"type":"number","description":"Date the project was last modified","description_kind":"plain","computed":true},"id":{"type":"number","description":"ID of project","description_kind":"plain","computed":true},"name":{"type":"string","description":"Human readable name for the project","description_kind":"plain","required":true},"status":{"type":"string","description":"Status of the project","description_kind":"plain","computed":true}},"description_kind":"plain"}},"rollbar_project_access_token":{"version":0,"block":{"attributes":{"access_token":{"type":"string","description":"API token","description_kind":"plain","computed":true},"cur_rate_limit_window_count":{"type":"number","description":"Number of API hits that occurred in the current rate limit window","description_kind":"plain","computed":true},"cur_rate_limit_window_start":{"type":"number","description":"Time when the current rate limit window began","description_kind":"plain","computed":true},"date_created":{"type":"number","description":"Date the token was created","description_kind":"plain","computed":true},"date_modified":{"type":"number","description":"Date the token was last modified","description_kind":"plain","computed":true},"id":{"type":"string","description_kind":"plain","optional":true,"computed":true},"name":{"type":"string","description":"Name of the token","description_kind":"plain","optional":true},"project_id":{"type":"number","description":"ID of a Rollbar project","description_kind":"plain","required":true},"rate_limit_window_count":{"type":"number","description":"Maximum allowed API hits during a rate limit window","description_kind":"plain","computed":true},"rate_limit_window_size":{"type":"number","description":"Duration of a rate limit window","description_kind":"plain","computed":true},"scopes":{"type":["list","string"],"description":"Project access scopes for the token.  Possible values are \"read\", \"write\", \"post_server_item\", or \"post_client_item\".","description_kind":"plain","computed":true},"status":{"type":"string","description":"Status of the token","description_kind":"plain","computed":true}},"description_kind":"plain"}},"rollbar_project_access_tokens":{"version":0,"block":{"attributes":{"access_tokens":{"type":["list",["object",{"access_token":"string","cur_rate_limit_window_count":"number","cur_rate_limit_window_start":"number","date_created":"number","date_modified":"number","name":"string","project_id":"number","rate_limit_window_count":"number","rate_limit_window_size":"number","scopes":["list","string"],"status":"string"}]],"description":"List of matching project access tokens","description_kind":"plain","computed":true},"id":{"type":"string","description_kind":"plain","optional":true,"computed":true},"prefix":{"type":"string","description":"Name of the token begins with this prefix","description_kind":"plain","optional":true},"project_id":{"type":"number","description":"ID of a Rollbar project","description_kind":"plain","required":true}},"description_kind":"plain"}},"rollbar_projects":{"version":0,"block":{"attributes":{"id":{"type":"string","description_kind":"plain","optional":true,"computed":true},"projects":{"type":["list",["object",{"account_id":"number","date_created":"number","date_modified":"number","id":"number","name":"string","status":"string"}]],"description":"Rollbar projects","description_kind":"plain","computed":true}},"description_kind":"plain"}}}}}}
