{"format_version":"0.2","provider_schemas":{"registry.terraform.io/rubrikinc/polaris":{"provider":{"version":0,"block":{"attributes":{"credentials":{"type":"string","description":"The local user account name or service account file to use when accessing Rubrik Polaris.","description_kind":"plain","required":true}},"description_kind":"plain"}},"resource_schemas":{"polaris_aws_account":{"version":2,"block":{"attributes":{"delete_snapshots_on_destroy":{"type":"bool","description":"Should snapshots be deleted when the resource is destroyed.","description_kind":"plain","optional":true},"id":{"type":"string","description_kind":"plain","optional":true,"computed":true},"name":{"type":"string","description":"Account name in Polaris. If not given the name is taken from AWS Organizations or, if the required permissions are missing, is derived from the AWS account ID and the named profile.","description_kind":"plain","optional":true,"computed":true},"permissions":{"type":"string","description":"When set to 'update' feature permissions can be updated by applying the configuration.","description_kind":"plain","optional":true,"computed":true},"profile":{"type":"string","description":"AWS named profile.","description_kind":"plain","required":true}},"block_types":{"cloud_native_protection":{"nesting_mode":"list","block":{"attributes":{"regions":{"type":["set","string"],"description":"Regions that Polaris will monitor for instances to automatically protect.","description_kind":"plain","required":true},"status":{"type":"string","description":"Status of the Cloud Native Protection feature.","description_kind":"plain","computed":true}},"description":"Enable the Cloud Native Protection feature for the GCP project.","description_kind":"plain"},"min_items":1,"max_items":1},"exocompute":{"nesting_mode":"list","block":{"attributes":{"regions":{"type":["set","string"],"description":"Regions to enable the Exocompute feature in.","description_kind":"plain","required":true},"status":{"type":"string","description":"Status of the Exocompute feature.","description_kind":"plain","computed":true}},"description":"Enable the exocompute feature for the account.","description_kind":"plain"},"max_items":1}},"description_kind":"plain"}},"polaris_aws_exocompute":{"version":0,"block":{"attributes":{"account_id":{"type":"string","description":"Polaris account id","description_kind":"plain","required":true},"cluster_security_group_id":{"type":"string","description":"AWS security group id for the cluster.","description_kind":"plain","optional":true,"computed":true},"id":{"type":"string","description_kind":"plain","optional":true,"computed":true},"node_security_group_id":{"type":"string","description":"AWS security group id for the nodes.","description_kind":"plain","optional":true,"computed":true},"polaris_managed":{"type":"bool","description":"If true the security groups are managed by Polaris.","description_kind":"plain","optional":true,"computed":true},"region":{"type":"string","description":"AWS region to run the exocompute instance in.","description_kind":"plain","required":true},"subnets":{"type":["set","string"],"description":"AWS subnet ids for the cluster subnets.","description_kind":"plain","required":true},"vpc_id":{"type":"string","description":"AWS VPC id for the cluster network.","description_kind":"plain","required":true}},"description_kind":"plain"}},"polaris_azure_exocompute":{"version":0,"block":{"attributes":{"id":{"type":"string","description_kind":"plain","optional":true,"computed":true},"polaris_managed":{"type":"bool","description":"If true the security groups are managed by Polaris.","description_kind":"plain","optional":true},"region":{"type":"string","description":"Azure region to run the exocompute instance in.","description_kind":"plain","required":true},"subnet":{"type":"string","description":"Azure subnet id.","description_kind":"plain","required":true},"subscription_id":{"type":"string","description":"Polaris subscription id","description_kind":"plain","required":true}},"description_kind":"plain"}},"polaris_azure_service_principal":{"version":1,"block":{"attributes":{"app_id":{"type":"string","description":"App registration application id.","description_kind":"plain","optional":true},"app_name":{"type":"string","description":"App registration display name.","description_kind":"plain","optional":true},"app_secret":{"type":"string","description":"App registration client secret.","description_kind":"plain","optional":true,"sensitive":true},"credentials":{"type":"string","description":"Path to Azure service principal file.","description_kind":"plain","optional":true},"id":{"type":"string","description_kind":"plain","optional":true,"computed":true},"permissions_hash":{"type":"string","description":"Signals that the permissions has been updated.","description_kind":"plain","optional":true},"sdk_auth":{"type":"string","description":"Path to Azure service principal created with the Azure SDK using the --sdk-auth parameter","description_kind":"plain","optional":true},"tenant_domain":{"type":"string","description":"Tenant directory/domain name.","description_kind":"plain","required":true},"tenant_id":{"type":"string","description":"Tenant/domain id.","description_kind":"plain","optional":true}},"description_kind":"plain"}},"polaris_azure_subscription":{"version":2,"block":{"attributes":{"delete_snapshots_on_destroy":{"type":"bool","description":"Should snapshots be deleted when the resource is destroyed.","description_kind":"plain","optional":true},"id":{"type":"string","description_kind":"plain","optional":true,"computed":true},"subscription_id":{"type":"string","description":"Subscription id.","description_kind":"plain","required":true},"subscription_name":{"type":"string","description":"Subscription name.","description_kind":"plain","optional":true},"tenant_domain":{"type":"string","description":"Tenant directory/domain name.","description_kind":"plain","required":true}},"block_types":{"cloud_native_protection":{"nesting_mode":"list","block":{"attributes":{"regions":{"type":["set","string"],"description":"Regions that Polaris will monitor for instances to automatically protect.","description_kind":"plain","required":true},"status":{"type":"string","description":"Status of the Cloud Native Protection feature.","description_kind":"plain","computed":true}},"description":"Enable the Cloud Native Protection feature for the GCP project.","description_kind":"plain"},"min_items":1,"max_items":1},"exocompute":{"nesting_mode":"list","block":{"attributes":{"regions":{"type":["set","string"],"description":"Regions to enable the exocompute feature in.","description_kind":"plain","required":true},"status":{"type":"string","description":"Status of the Exocompute feature.","description_kind":"plain","computed":true}},"description":"Enable the exocompute feature for the account.","description_kind":"plain"},"max_items":1}},"description_kind":"plain"}},"polaris_gcp_project":{"version":2,"block":{"attributes":{"credentials":{"type":"string","description":"Path to GCP service account key file.","description_kind":"plain","optional":true},"delete_snapshots_on_destroy":{"type":"bool","description":"Should snapshots be deleted when the resource is destroyed.","description_kind":"plain","optional":true},"id":{"type":"string","description_kind":"plain","optional":true,"computed":true},"organization_name":{"type":"string","description":"Organization name.","description_kind":"plain","optional":true,"computed":true},"permissions_hash":{"type":"string","description":"Signals that the permissions has been updated.","description_kind":"plain","optional":true},"project":{"type":"string","description":"Project id.","description_kind":"plain","optional":true,"computed":true},"project_name":{"type":"string","description":"Project name.","description_kind":"plain","optional":true,"computed":true},"project_number":{"type":"string","description":"Project number.","description_kind":"plain","optional":true,"computed":true}},"block_types":{"cloud_native_protection":{"nesting_mode":"list","block":{"attributes":{"status":{"type":"string","description":"Status of the Cloud Native Protection feature.","description_kind":"plain","computed":true}},"description":"Enable the Cloud Native Protection feature for the GCP project.","description_kind":"plain"},"min_items":1,"max_items":1}},"description_kind":"plain"}},"polaris_gcp_service_account":{"version":0,"block":{"attributes":{"credentials":{"type":"string","description":"Path to GCP service account key file.","description_kind":"plain","required":true},"id":{"type":"string","description_kind":"plain","optional":true,"computed":true},"name":{"type":"string","description":"Service account name in Polaris. If not given the name of the service account key file is used.","description_kind":"plain","optional":true,"computed":true},"permissions_hash":{"type":"string","description":"Signals that the permissions has been updated.","description_kind":"plain","optional":true}},"description_kind":"plain"}}},"data_source_schemas":{"polaris_azure_permissions":{"version":0,"block":{"attributes":{"actions":{"type":["list","string"],"description":"Allowed actions.","description_kind":"plain","computed":true},"data_actions":{"type":["list","string"],"description":"Allowed data actions.","description_kind":"plain","computed":true},"features":{"type":["set","string"],"description":"Enabled features.","description_kind":"plain","required":true},"hash":{"type":"string","description":"SHA-256 hash of the permissions, can be used to detect changes to the permissions.","description_kind":"plain","computed":true},"id":{"type":"string","description_kind":"plain","optional":true,"computed":true},"not_actions":{"type":["list","string"],"description":"Disallowed actions.","description_kind":"plain","computed":true},"not_data_actions":{"type":["list","string"],"description":"Disallowed data actions.","description_kind":"plain","computed":true}},"description_kind":"plain"}},"polaris_gcp_permissions":{"version":0,"block":{"attributes":{"features":{"type":["set","string"],"description":"Enabled features.","description_kind":"plain","required":true},"hash":{"type":"string","description":"SHA-256 hash of the permissions, can be used to detect changes to the permissions.","description_kind":"plain","computed":true},"id":{"type":"string","description_kind":"plain","optional":true,"computed":true},"permissions":{"type":["list","string"],"description":"Permissions required for the features enabled.","description_kind":"plain","computed":true}},"description_kind":"plain"}}}}}}
