{"format_version":"0.2","provider_schemas":{"registry.terraform.io/sematext/sematext":{"provider":{"version":0,"block":{"attributes":{"sematext_region":{"type":"string","description":"The Sematext region, either US or EU.","description_kind":"plain","optional":true}},"description_kind":"plain"}},"resource_schemas":{"sematext_monitor_akka":{"version":0,"block":{"attributes":{"billing_plan_id":{"type":"number","description":"(Required) Plan ID attached to the monitor app in Sematext Cloud.","description_kind":"plain","required":true},"discount_code":{"type":"string","description":"(Optional) Iniitial discount code attached to the monitor app in Sematext Cloud.","description_kind":"plain","optional":true},"id":{"type":"string","description_kind":"plain","optional":true,"computed":true},"name":{"type":"string","description":"(Required) Label for the monitor app in Sematext Cloud.","description_kind":"plain","required":true},"sc_apptoken_entries":{"type":["map","string"],"description":"Map of apptoken name -\u003e id. Calculated, supplied by SC Cloud.","description_kind":"plain","computed":true}},"block_types":{"apptoken":{"nesting_mode":"set","block":{"attributes":{"names":{"type":["list","string"],"description_kind":"plain","required":true}},"description":"(required) apptoken(s) attached to the monitor app in Sematext Cloud.","description_kind":"plain"},"min_items":1}},"description_kind":"plain"}},"sematext_monitor_apache":{"version":0,"block":{"attributes":{"billing_plan_id":{"type":"number","description":"(Required) Plan ID attached to the monitor app in Sematext Cloud.","description_kind":"plain","required":true},"discount_code":{"type":"string","description":"(Optional) Iniitial discount code attached to the monitor app in Sematext Cloud.","description_kind":"plain","optional":true},"id":{"type":"string","description_kind":"plain","optional":true,"computed":true},"name":{"type":"string","description":"(Required) Label for the monitor app in Sematext Cloud.","description_kind":"plain","required":true},"sc_apptoken_entries":{"type":["map","string"],"description":"Map of apptoken name -\u003e id. Calculated, supplied by SC Cloud.","description_kind":"plain","computed":true}},"block_types":{"apptoken":{"nesting_mode":"set","block":{"attributes":{"names":{"type":["list","string"],"description_kind":"plain","required":true}},"description":"(required) apptoken(s) attached to the monitor app in Sematext Cloud.","description_kind":"plain"},"min_items":1}},"description_kind":"plain"}},"sematext_monitor_awsebs":{"version":0,"block":{"attributes":{"aws_access_key":{"type":"string","description":"The access key for retrieval of stats from AWS Cloudwatch. You can retrieve this\nfrom the 'Security \u0026 Credentials' section of the AWS console.","description_kind":"plain","required":true},"aws_fetch_frequency":{"type":"string","description":"How frequently to fetch metrics. One of MINUTE|FIVE_MINUTES|FIFTEEN_MINUTES","description_kind":"plain","required":true},"aws_region":{"type":"string","description":"The region where AWS operations will take place. Examples\nare us-east-1, us-west-2, etc.","description_kind":"plain","required":true},"aws_secret_key":{"type":"string","description":"The secret key for retrieval of stats from AWS Cloudwatch. You can retrieve this\nfrom the 'Security \u0026 Credentials' section of the AWS console.","description_kind":"plain","required":true},"billing_plan_id":{"type":"number","description":"(Required) Plan ID attached to the monitor app in Sematext Cloud.","description_kind":"plain","required":true},"discount_code":{"type":"string","description":"(Optional) Iniitial discount code attached to the monitor app in Sematext Cloud.","description_kind":"plain","optional":true},"id":{"type":"string","description_kind":"plain","optional":true,"computed":true},"name":{"type":"string","description":"(Required) Label for the monitor app in Sematext Cloud.","description_kind":"plain","required":true},"sc_apptoken_entries":{"type":["map","string"],"description":"Map of apptoken name -\u003e id. Calculated, supplied by SC Cloud.","description_kind":"plain","computed":true}},"block_types":{"apptoken":{"nesting_mode":"set","block":{"attributes":{"names":{"type":["list","string"],"description_kind":"plain","required":true}},"description":"(required) apptoken(s) attached to the monitor app in Sematext Cloud.","description_kind":"plain"},"min_items":1}},"description_kind":"plain"}},"sematext_monitor_awsec2":{"version":0,"block":{"attributes":{"aws_access_key":{"type":"string","description":"The access key for retrieval of stats from AWS Cloudwatch. You can retrieve this\nfrom the 'Security \u0026 Credentials' section of the AWS console.","description_kind":"plain","required":true},"aws_fetch_frequency":{"type":"string","description":"How frequently to fetch metrics. One of MINUTE|FIVE_MINUTES|FIFTEEN_MINUTES","description_kind":"plain","required":true},"aws_region":{"type":"string","description":"The region where AWS operations will take place. Examples\nare us-east-1, us-west-2, etc.","description_kind":"plain","required":true},"aws_secret_key":{"type":"string","description":"The secret key for retrieval of stats from AWS Cloudwatch. You can retrieve this\nfrom the 'Security \u0026 Credentials' section of the AWS console.","description_kind":"plain","required":true},"billing_plan_id":{"type":"number","description":"(Required) Plan ID attached to the monitor app in Sematext Cloud.","description_kind":"plain","required":true},"discount_code":{"type":"string","description":"(Optional) Iniitial discount code attached to the monitor app in Sematext Cloud.","description_kind":"plain","optional":true},"id":{"type":"string","description_kind":"plain","optional":true,"computed":true},"name":{"type":"string","description":"(Required) Label for the monitor app in Sematext Cloud.","description_kind":"plain","required":true},"sc_apptoken_entries":{"type":["map","string"],"description":"Map of apptoken name -\u003e id. Calculated, supplied by SC Cloud.","description_kind":"plain","computed":true}},"block_types":{"apptoken":{"nesting_mode":"set","block":{"attributes":{"names":{"type":["list","string"],"description_kind":"plain","required":true}},"description":"(required) apptoken(s) attached to the monitor app in Sematext Cloud.","description_kind":"plain"},"min_items":1}},"description_kind":"plain"}},"sematext_monitor_awselb":{"version":0,"block":{"attributes":{"aws_access_key":{"type":"string","description":"The access key for retrieval of stats from AWS Cloudwatch. You can retrieve this\nfrom the 'Security \u0026 Credentials' section of the AWS console.","description_kind":"plain","required":true},"aws_fetch_frequency":{"type":"string","description":"How frequently to fetch metrics. One of MINUTE|FIVE_MINUTES|FIFTEEN_MINUTES","description_kind":"plain","required":true},"aws_region":{"type":"string","description":"The region where AWS operations will take place. Examples\nare us-east-1, us-west-2, etc.","description_kind":"plain","required":true},"aws_secret_key":{"type":"string","description":"The secret key for retrieval of stats from AWS Cloudwatch. You can retrieve this\nfrom the 'Security \u0026 Credentials' section of the AWS console.","description_kind":"plain","required":true},"billing_plan_id":{"type":"number","description":"(Required) Plan ID attached to the monitor app in Sematext Cloud.","description_kind":"plain","required":true},"discount_code":{"type":"string","description":"(Optional) Iniitial discount code attached to the monitor app in Sematext Cloud.","description_kind":"plain","optional":true},"id":{"type":"string","description_kind":"plain","optional":true,"computed":true},"name":{"type":"string","description":"(Required) Label for the monitor app in Sematext Cloud.","description_kind":"plain","required":true},"sc_apptoken_entries":{"type":["map","string"],"description":"Map of apptoken name -\u003e id. Calculated, supplied by SC Cloud.","description_kind":"plain","computed":true}},"block_types":{"apptoken":{"nesting_mode":"set","block":{"attributes":{"names":{"type":["list","string"],"description_kind":"plain","required":true}},"description":"(required) apptoken(s) attached to the monitor app in Sematext Cloud.","description_kind":"plain"},"min_items":1}},"description_kind":"plain"}},"sematext_monitor_cassandra":{"version":0,"block":{"attributes":{"billing_plan_id":{"type":"number","description":"(Required) Plan ID attached to the monitor app in Sematext Cloud.","description_kind":"plain","required":true},"discount_code":{"type":"string","description":"(Optional) Iniitial discount code attached to the monitor app in Sematext Cloud.","description_kind":"plain","optional":true},"id":{"type":"string","description_kind":"plain","optional":true,"computed":true},"name":{"type":"string","description":"(Required) Label for the monitor app in Sematext Cloud.","description_kind":"plain","required":true},"sc_apptoken_entries":{"type":["map","string"],"description":"Map of apptoken name -\u003e id. Calculated, supplied by SC Cloud.","description_kind":"plain","computed":true}},"block_types":{"apptoken":{"nesting_mode":"set","block":{"attributes":{"names":{"type":["list","string"],"description_kind":"plain","required":true}},"description":"(required) apptoken(s) attached to the monitor app in Sematext Cloud.","description_kind":"plain"},"min_items":1}},"description_kind":"plain"}},"sematext_monitor_clickhouse":{"version":0,"block":{"attributes":{"billing_plan_id":{"type":"number","description":"(Required) Plan ID attached to the monitor app in Sematext Cloud.","description_kind":"plain","required":true},"discount_code":{"type":"string","description":"(Optional) Iniitial discount code attached to the monitor app in Sematext Cloud.","description_kind":"plain","optional":true},"id":{"type":"string","description_kind":"plain","optional":true,"computed":true},"name":{"type":"string","description":"(Required) Label for the monitor app in Sematext Cloud.","description_kind":"plain","required":true},"sc_apptoken_entries":{"type":["map","string"],"description":"Map of apptoken name -\u003e id. Calculated, supplied by SC Cloud.","description_kind":"plain","computed":true}},"block_types":{"apptoken":{"nesting_mode":"set","block":{"attributes":{"names":{"type":["list","string"],"description_kind":"plain","required":true}},"description":"(required) apptoken(s) attached to the monitor app in Sematext Cloud.","description_kind":"plain"},"min_items":1}},"description_kind":"plain"}},"sematext_monitor_elasticsearch":{"version":0,"block":{"attributes":{"billing_plan_id":{"type":"number","description":"(Required) Plan ID attached to the monitor app in Sematext Cloud.","description_kind":"plain","required":true},"discount_code":{"type":"string","description":"(Optional) Iniitial discount code attached to the monitor app in Sematext Cloud.","description_kind":"plain","optional":true},"id":{"type":"string","description_kind":"plain","optional":true,"computed":true},"name":{"type":"string","description":"(Required) Label for the monitor app in Sematext Cloud.","description_kind":"plain","required":true},"sc_apptoken_entries":{"type":["map","string"],"description":"Map of apptoken name -\u003e id. Calculated, supplied by SC Cloud.","description_kind":"plain","computed":true}},"block_types":{"apptoken":{"nesting_mode":"set","block":{"attributes":{"names":{"type":["list","string"],"description_kind":"plain","required":true}},"description":"(required) apptoken(s) attached to the monitor app in Sematext Cloud.","description_kind":"plain"},"min_items":1}},"description_kind":"plain"}},"sematext_monitor_hadoopmrv1":{"version":0,"block":{"attributes":{"billing_plan_id":{"type":"number","description":"(Required) Plan ID attached to the monitor app in Sematext Cloud.","description_kind":"plain","required":true},"discount_code":{"type":"string","description":"(Optional) Iniitial discount code attached to the monitor app in Sematext Cloud.","description_kind":"plain","optional":true},"id":{"type":"string","description_kind":"plain","optional":true,"computed":true},"name":{"type":"string","description":"(Required) Label for the monitor app in Sematext Cloud.","description_kind":"plain","required":true},"sc_apptoken_entries":{"type":["map","string"],"description":"Map of apptoken name -\u003e id. Calculated, supplied by SC Cloud.","description_kind":"plain","computed":true}},"block_types":{"apptoken":{"nesting_mode":"set","block":{"attributes":{"names":{"type":["list","string"],"description_kind":"plain","required":true}},"description":"(required) apptoken(s) attached to the monitor app in Sematext Cloud.","description_kind":"plain"},"min_items":1}},"description_kind":"plain"}},"sematext_monitor_hadoopyarn":{"version":0,"block":{"attributes":{"billing_plan_id":{"type":"number","description":"(Required) Plan ID attached to the monitor app in Sematext Cloud.","description_kind":"plain","required":true},"discount_code":{"type":"string","description":"(Optional) Iniitial discount code attached to the monitor app in Sematext Cloud.","description_kind":"plain","optional":true},"id":{"type":"string","description_kind":"plain","optional":true,"computed":true},"name":{"type":"string","description":"(Required) Label for the monitor app in Sematext Cloud.","description_kind":"plain","required":true},"sc_apptoken_entries":{"type":["map","string"],"description":"Map of apptoken name -\u003e id. Calculated, supplied by SC Cloud.","description_kind":"plain","computed":true}},"block_types":{"apptoken":{"nesting_mode":"set","block":{"attributes":{"names":{"type":["list","string"],"description_kind":"plain","required":true}},"description":"(required) apptoken(s) attached to the monitor app in Sematext Cloud.","description_kind":"plain"},"min_items":1}},"description_kind":"plain"}},"sematext_monitor_haproxy":{"version":0,"block":{"attributes":{"billing_plan_id":{"type":"number","description":"(Required) Plan ID attached to the monitor app in Sematext Cloud.","description_kind":"plain","required":true},"discount_code":{"type":"string","description":"(Optional) Iniitial discount code attached to the monitor app in Sematext Cloud.","description_kind":"plain","optional":true},"id":{"type":"string","description_kind":"plain","optional":true,"computed":true},"name":{"type":"string","description":"(Required) Label for the monitor app in Sematext Cloud.","description_kind":"plain","required":true},"sc_apptoken_entries":{"type":["map","string"],"description":"Map of apptoken name -\u003e id. Calculated, supplied by SC Cloud.","description_kind":"plain","computed":true}},"block_types":{"apptoken":{"nesting_mode":"set","block":{"attributes":{"names":{"type":["list","string"],"description_kind":"plain","required":true}},"description":"(required) apptoken(s) attached to the monitor app in Sematext Cloud.","description_kind":"plain"},"min_items":1}},"description_kind":"plain"}},"sematext_monitor_hbase":{"version":0,"block":{"attributes":{"billing_plan_id":{"type":"number","description":"(Required) Plan ID attached to the monitor app in Sematext Cloud.","description_kind":"plain","required":true},"discount_code":{"type":"string","description":"(Optional) Iniitial discount code attached to the monitor app in Sematext Cloud.","description_kind":"plain","optional":true},"id":{"type":"string","description_kind":"plain","optional":true,"computed":true},"name":{"type":"string","description":"(Required) Label for the monitor app in Sematext Cloud.","description_kind":"plain","required":true},"sc_apptoken_entries":{"type":["map","string"],"description":"Map of apptoken name -\u003e id. Calculated, supplied by SC Cloud.","description_kind":"plain","computed":true}},"block_types":{"apptoken":{"nesting_mode":"set","block":{"attributes":{"names":{"type":["list","string"],"description_kind":"plain","required":true}},"description":"(required) apptoken(s) attached to the monitor app in Sematext Cloud.","description_kind":"plain"},"min_items":1}},"description_kind":"plain"}},"sematext_monitor_infra":{"version":0,"block":{"attributes":{"billing_plan_id":{"type":"number","description":"(Required) Plan ID attached to the monitor app in Sematext Cloud.","description_kind":"plain","required":true},"discount_code":{"type":"string","description":"(Optional) Iniitial discount code attached to the monitor app in Sematext Cloud.","description_kind":"plain","optional":true},"id":{"type":"string","description_kind":"plain","optional":true,"computed":true},"name":{"type":"string","description":"(Required) Label for the monitor app in Sematext Cloud.","description_kind":"plain","required":true},"sc_apptoken_entries":{"type":["map","string"],"description":"Map of apptoken name -\u003e id. Calculated, supplied by SC Cloud.","description_kind":"plain","computed":true}},"block_types":{"apptoken":{"nesting_mode":"set","block":{"attributes":{"names":{"type":["list","string"],"description_kind":"plain","required":true}},"description":"(required) apptoken(s) attached to the monitor app in Sematext Cloud.","description_kind":"plain"},"min_items":1}},"description_kind":"plain"}},"sematext_monitor_jvm":{"version":0,"block":{"attributes":{"billing_plan_id":{"type":"number","description":"(Required) Plan ID attached to the monitor app in Sematext Cloud.","description_kind":"plain","required":true},"discount_code":{"type":"string","description":"(Optional) Iniitial discount code attached to the monitor app in Sematext Cloud.","description_kind":"plain","optional":true},"id":{"type":"string","description_kind":"plain","optional":true,"computed":true},"name":{"type":"string","description":"(Required) Label for the monitor app in Sematext Cloud.","description_kind":"plain","required":true},"sc_apptoken_entries":{"type":["map","string"],"description":"Map of apptoken name -\u003e id. Calculated, supplied by SC Cloud.","description_kind":"plain","computed":true}},"block_types":{"apptoken":{"nesting_mode":"set","block":{"attributes":{"names":{"type":["list","string"],"description_kind":"plain","required":true}},"description":"(required) apptoken(s) attached to the monitor app in Sematext Cloud.","description_kind":"plain"},"min_items":1}},"description_kind":"plain"}},"sematext_monitor_kafka":{"version":0,"block":{"attributes":{"billing_plan_id":{"type":"number","description":"(Required) Plan ID attached to the monitor app in Sematext Cloud.","description_kind":"plain","required":true},"discount_code":{"type":"string","description":"(Optional) Iniitial discount code attached to the monitor app in Sematext Cloud.","description_kind":"plain","optional":true},"id":{"type":"string","description_kind":"plain","optional":true,"computed":true},"name":{"type":"string","description":"(Required) Label for the monitor app in Sematext Cloud.","description_kind":"plain","required":true},"sc_apptoken_entries":{"type":["map","string"],"description":"Map of apptoken name -\u003e id. Calculated, supplied by SC Cloud.","description_kind":"plain","computed":true}},"block_types":{"apptoken":{"nesting_mode":"set","block":{"attributes":{"names":{"type":["list","string"],"description_kind":"plain","required":true}},"description":"(required) apptoken(s) attached to the monitor app in Sematext Cloud.","description_kind":"plain"},"min_items":1}},"description_kind":"plain"}},"sematext_monitor_logsene":{"version":0,"block":{"attributes":{"billing_plan_id":{"type":"number","description":"(Required) Plan ID attached to the monitor app in Sematext Cloud.","description_kind":"plain","required":true},"discount_code":{"type":"string","description":"(Optional) Iniitial discount code attached to the monitor app in Sematext Cloud.","description_kind":"plain","optional":true},"id":{"type":"string","description_kind":"plain","optional":true,"computed":true},"name":{"type":"string","description":"(Required) Label for the monitor app in Sematext Cloud.","description_kind":"plain","required":true},"sc_apptoken_entries":{"type":["map","string"],"description":"Map of apptoken name -\u003e id. Calculated, supplied by SC Cloud.","description_kind":"plain","computed":true}},"block_types":{"apptoken":{"nesting_mode":"set","block":{"attributes":{"names":{"type":["list","string"],"description_kind":"plain","required":true}},"description":"(required) apptoken(s) attached to the monitor app in Sematext Cloud.","description_kind":"plain"},"min_items":1}},"description_kind":"plain"}},"sematext_monitor_mobilelogs":{"version":0,"block":{"attributes":{"billing_plan_id":{"type":"number","description":"(Required) Plan ID attached to the monitor app in Sematext Cloud.","description_kind":"plain","required":true},"discount_code":{"type":"string","description":"(Optional) Iniitial discount code attached to the monitor app in Sematext Cloud.","description_kind":"plain","optional":true},"id":{"type":"string","description_kind":"plain","optional":true,"computed":true},"name":{"type":"string","description":"(Required) Label for the monitor app in Sematext Cloud.","description_kind":"plain","required":true},"sc_apptoken_entries":{"type":["map","string"],"description":"Map of apptoken name -\u003e id. Calculated, supplied by SC Cloud.","description_kind":"plain","computed":true}},"block_types":{"apptoken":{"nesting_mode":"set","block":{"attributes":{"names":{"type":["list","string"],"description_kind":"plain","required":true}},"description":"(required) apptoken(s) attached to the monitor app in Sematext Cloud.","description_kind":"plain"},"min_items":1}},"description_kind":"plain"}},"sematext_monitor_mongodb":{"version":0,"block":{"attributes":{"billing_plan_id":{"type":"number","description":"(Required) Plan ID attached to the monitor app in Sematext Cloud.","description_kind":"plain","required":true},"discount_code":{"type":"string","description":"(Optional) Iniitial discount code attached to the monitor app in Sematext Cloud.","description_kind":"plain","optional":true},"id":{"type":"string","description_kind":"plain","optional":true,"computed":true},"name":{"type":"string","description":"(Required) Label for the monitor app in Sematext Cloud.","description_kind":"plain","required":true},"sc_apptoken_entries":{"type":["map","string"],"description":"Map of apptoken name -\u003e id. Calculated, supplied by SC Cloud.","description_kind":"plain","computed":true}},"block_types":{"apptoken":{"nesting_mode":"set","block":{"attributes":{"names":{"type":["list","string"],"description_kind":"plain","required":true}},"description":"(required) apptoken(s) attached to the monitor app in Sematext Cloud.","description_kind":"plain"},"min_items":1}},"description_kind":"plain"}},"sematext_monitor_mysql":{"version":0,"block":{"attributes":{"billing_plan_id":{"type":"number","description":"(Required) Plan ID attached to the monitor app in Sematext Cloud.","description_kind":"plain","required":true},"discount_code":{"type":"string","description":"(Optional) Iniitial discount code attached to the monitor app in Sematext Cloud.","description_kind":"plain","optional":true},"id":{"type":"string","description_kind":"plain","optional":true,"computed":true},"name":{"type":"string","description":"(Required) Label for the monitor app in Sematext Cloud.","description_kind":"plain","required":true},"sc_apptoken_entries":{"type":["map","string"],"description":"Map of apptoken name -\u003e id. Calculated, supplied by SC Cloud.","description_kind":"plain","computed":true}},"block_types":{"apptoken":{"nesting_mode":"set","block":{"attributes":{"names":{"type":["list","string"],"description_kind":"plain","required":true}},"description":"(required) apptoken(s) attached to the monitor app in Sematext Cloud.","description_kind":"plain"},"min_items":1}},"description_kind":"plain"}},"sematext_monitor_nginx":{"version":0,"block":{"attributes":{"billing_plan_id":{"type":"number","description":"(Required) Plan ID attached to the monitor app in Sematext Cloud.","description_kind":"plain","required":true},"discount_code":{"type":"string","description":"(Optional) Iniitial discount code attached to the monitor app in Sematext Cloud.","description_kind":"plain","optional":true},"id":{"type":"string","description_kind":"plain","optional":true,"computed":true},"name":{"type":"string","description":"(Required) Label for the monitor app in Sematext Cloud.","description_kind":"plain","required":true},"sc_apptoken_entries":{"type":["map","string"],"description":"Map of apptoken name -\u003e id. Calculated, supplied by SC Cloud.","description_kind":"plain","computed":true}},"block_types":{"apptoken":{"nesting_mode":"set","block":{"attributes":{"names":{"type":["list","string"],"description_kind":"plain","required":true}},"description":"(required) apptoken(s) attached to the monitor app in Sematext Cloud.","description_kind":"plain"},"min_items":1}},"description_kind":"plain"}},"sematext_monitor_nginxplus":{"version":0,"block":{"attributes":{"billing_plan_id":{"type":"number","description":"(Required) Plan ID attached to the monitor app in Sematext Cloud.","description_kind":"plain","required":true},"discount_code":{"type":"string","description":"(Optional) Iniitial discount code attached to the monitor app in Sematext Cloud.","description_kind":"plain","optional":true},"id":{"type":"string","description_kind":"plain","optional":true,"computed":true},"name":{"type":"string","description":"(Required) Label for the monitor app in Sematext Cloud.","description_kind":"plain","required":true},"sc_apptoken_entries":{"type":["map","string"],"description":"Map of apptoken name -\u003e id. Calculated, supplied by SC Cloud.","description_kind":"plain","computed":true}},"block_types":{"apptoken":{"nesting_mode":"set","block":{"attributes":{"names":{"type":["list","string"],"description_kind":"plain","required":true}},"description":"(required) apptoken(s) attached to the monitor app in Sematext Cloud.","description_kind":"plain"},"min_items":1}},"description_kind":"plain"}},"sematext_monitor_nodejs":{"version":0,"block":{"attributes":{"billing_plan_id":{"type":"number","description":"(Required) Plan ID attached to the monitor app in Sematext Cloud.","description_kind":"plain","required":true},"discount_code":{"type":"string","description":"(Optional) Iniitial discount code attached to the monitor app in Sematext Cloud.","description_kind":"plain","optional":true},"id":{"type":"string","description_kind":"plain","optional":true,"computed":true},"name":{"type":"string","description":"(Required) Label for the monitor app in Sematext Cloud.","description_kind":"plain","required":true},"sc_apptoken_entries":{"type":["map","string"],"description":"Map of apptoken name -\u003e id. Calculated, supplied by SC Cloud.","description_kind":"plain","computed":true}},"block_types":{"apptoken":{"nesting_mode":"set","block":{"attributes":{"names":{"type":["list","string"],"description_kind":"plain","required":true}},"description":"(required) apptoken(s) attached to the monitor app in Sematext Cloud.","description_kind":"plain"},"min_items":1}},"description_kind":"plain"}},"sematext_monitor_postgresql":{"version":0,"block":{"attributes":{"billing_plan_id":{"type":"number","description":"(Required) Plan ID attached to the monitor app in Sematext Cloud.","description_kind":"plain","required":true},"discount_code":{"type":"string","description":"(Optional) Iniitial discount code attached to the monitor app in Sematext Cloud.","description_kind":"plain","optional":true},"id":{"type":"string","description_kind":"plain","optional":true,"computed":true},"name":{"type":"string","description":"(Required) Label for the monitor app in Sematext Cloud.","description_kind":"plain","required":true},"sc_apptoken_entries":{"type":["map","string"],"description":"Map of apptoken name -\u003e id. Calculated, supplied by SC Cloud.","description_kind":"plain","computed":true}},"block_types":{"apptoken":{"nesting_mode":"set","block":{"attributes":{"names":{"type":["list","string"],"description_kind":"plain","required":true}},"description":"(required) apptoken(s) attached to the monitor app in Sematext Cloud.","description_kind":"plain"},"min_items":1}},"description_kind":"plain"}},"sematext_monitor_rabbitmq":{"version":0,"block":{"attributes":{"billing_plan_id":{"type":"number","description":"(Required) Plan ID attached to the monitor app in Sematext Cloud.","description_kind":"plain","required":true},"discount_code":{"type":"string","description":"(Optional) Iniitial discount code attached to the monitor app in Sematext Cloud.","description_kind":"plain","optional":true},"id":{"type":"string","description_kind":"plain","optional":true,"computed":true},"name":{"type":"string","description":"(Required) Label for the monitor app in Sematext Cloud.","description_kind":"plain","required":true},"sc_apptoken_entries":{"type":["map","string"],"description":"Map of apptoken name -\u003e id. Calculated, supplied by SC Cloud.","description_kind":"plain","computed":true}},"block_types":{"apptoken":{"nesting_mode":"set","block":{"attributes":{"names":{"type":["list","string"],"description_kind":"plain","required":true}},"description":"(required) apptoken(s) attached to the monitor app in Sematext Cloud.","description_kind":"plain"},"min_items":1}},"description_kind":"plain"}},"sematext_monitor_redis":{"version":0,"block":{"attributes":{"billing_plan_id":{"type":"number","description":"(Required) Plan ID attached to the monitor app in Sematext Cloud.","description_kind":"plain","required":true},"discount_code":{"type":"string","description":"(Optional) Iniitial discount code attached to the monitor app in Sematext Cloud.","description_kind":"plain","optional":true},"id":{"type":"string","description_kind":"plain","optional":true,"computed":true},"name":{"type":"string","description":"(Required) Label for the monitor app in Sematext Cloud.","description_kind":"plain","required":true},"sc_apptoken_entries":{"type":["map","string"],"description":"Map of apptoken name -\u003e id. Calculated, supplied by SC Cloud.","description_kind":"plain","computed":true}},"block_types":{"apptoken":{"nesting_mode":"set","block":{"attributes":{"names":{"type":["list","string"],"description_kind":"plain","required":true}},"description":"(required) apptoken(s) attached to the monitor app in Sematext Cloud.","description_kind":"plain"},"min_items":1}},"description_kind":"plain"}},"sematext_monitor_solr":{"version":0,"block":{"attributes":{"billing_plan_id":{"type":"number","description":"(Required) Plan ID attached to the monitor app in Sematext Cloud.","description_kind":"plain","required":true},"discount_code":{"type":"string","description":"(Optional) Iniitial discount code attached to the monitor app in Sematext Cloud.","description_kind":"plain","optional":true},"id":{"type":"string","description_kind":"plain","optional":true,"computed":true},"name":{"type":"string","description":"(Required) Label for the monitor app in Sematext Cloud.","description_kind":"plain","required":true},"sc_apptoken_entries":{"type":["map","string"],"description":"Map of apptoken name -\u003e id. Calculated, supplied by SC Cloud.","description_kind":"plain","computed":true}},"block_types":{"apptoken":{"nesting_mode":"set","block":{"attributes":{"names":{"type":["list","string"],"description_kind":"plain","required":true}},"description":"(required) apptoken(s) attached to the monitor app in Sematext Cloud.","description_kind":"plain"},"min_items":1}},"description_kind":"plain"}},"sematext_monitor_solrcloud":{"version":0,"block":{"attributes":{"billing_plan_id":{"type":"number","description":"(Required) Plan ID attached to the monitor app in Sematext Cloud.","description_kind":"plain","required":true},"discount_code":{"type":"string","description":"(Optional) Iniitial discount code attached to the monitor app in Sematext Cloud.","description_kind":"plain","optional":true},"id":{"type":"string","description_kind":"plain","optional":true,"computed":true},"name":{"type":"string","description":"(Required) Label for the monitor app in Sematext Cloud.","description_kind":"plain","required":true},"sc_apptoken_entries":{"type":["map","string"],"description":"Map of apptoken name -\u003e id. Calculated, supplied by SC Cloud.","description_kind":"plain","computed":true}},"block_types":{"apptoken":{"nesting_mode":"set","block":{"attributes":{"names":{"type":["list","string"],"description_kind":"plain","required":true}},"description":"(required) apptoken(s) attached to the monitor app in Sematext Cloud.","description_kind":"plain"},"min_items":1}},"description_kind":"plain"}},"sematext_monitor_spark":{"version":0,"block":{"attributes":{"billing_plan_id":{"type":"number","description":"(Required) Plan ID attached to the monitor app in Sematext Cloud.","description_kind":"plain","required":true},"discount_code":{"type":"string","description":"(Optional) Iniitial discount code attached to the monitor app in Sematext Cloud.","description_kind":"plain","optional":true},"id":{"type":"string","description_kind":"plain","optional":true,"computed":true},"name":{"type":"string","description":"(Required) Label for the monitor app in Sematext Cloud.","description_kind":"plain","required":true},"sc_apptoken_entries":{"type":["map","string"],"description":"Map of apptoken name -\u003e id. Calculated, supplied by SC Cloud.","description_kind":"plain","computed":true}},"block_types":{"apptoken":{"nesting_mode":"set","block":{"attributes":{"names":{"type":["list","string"],"description_kind":"plain","required":true}},"description":"(required) apptoken(s) attached to the monitor app in Sematext Cloud.","description_kind":"plain"},"min_items":1}},"description_kind":"plain"}},"sematext_monitor_storm":{"version":0,"block":{"attributes":{"billing_plan_id":{"type":"number","description":"(Required) Plan ID attached to the monitor app in Sematext Cloud.","description_kind":"plain","required":true},"discount_code":{"type":"string","description":"(Optional) Iniitial discount code attached to the monitor app in Sematext Cloud.","description_kind":"plain","optional":true},"id":{"type":"string","description_kind":"plain","optional":true,"computed":true},"name":{"type":"string","description":"(Required) Label for the monitor app in Sematext Cloud.","description_kind":"plain","required":true},"sc_apptoken_entries":{"type":["map","string"],"description":"Map of apptoken name -\u003e id. Calculated, supplied by SC Cloud.","description_kind":"plain","computed":true}},"block_types":{"apptoken":{"nesting_mode":"set","block":{"attributes":{"names":{"type":["list","string"],"description_kind":"plain","required":true}},"description":"(required) apptoken(s) attached to the monitor app in Sematext Cloud.","description_kind":"plain"},"min_items":1}},"description_kind":"plain"}},"sematext_monitor_tomcat":{"version":0,"block":{"attributes":{"billing_plan_id":{"type":"number","description":"(Required) Plan ID attached to the monitor app in Sematext Cloud.","description_kind":"plain","required":true},"discount_code":{"type":"string","description":"(Optional) Iniitial discount code attached to the monitor app in Sematext Cloud.","description_kind":"plain","optional":true},"id":{"type":"string","description_kind":"plain","optional":true,"computed":true},"name":{"type":"string","description":"(Required) Label for the monitor app in Sematext Cloud.","description_kind":"plain","required":true},"sc_apptoken_entries":{"type":["map","string"],"description":"Map of apptoken name -\u003e id. Calculated, supplied by SC Cloud.","description_kind":"plain","computed":true}},"block_types":{"apptoken":{"nesting_mode":"set","block":{"attributes":{"names":{"type":["list","string"],"description_kind":"plain","required":true}},"description":"(required) apptoken(s) attached to the monitor app in Sematext Cloud.","description_kind":"plain"},"min_items":1}},"description_kind":"plain"}},"sematext_monitor_zookeeper":{"version":0,"block":{"attributes":{"billing_plan_id":{"type":"number","description":"(Required) Plan ID attached to the monitor app in Sematext Cloud.","description_kind":"plain","required":true},"discount_code":{"type":"string","description":"(Optional) Iniitial discount code attached to the monitor app in Sematext Cloud.","description_kind":"plain","optional":true},"id":{"type":"string","description_kind":"plain","optional":true,"computed":true},"name":{"type":"string","description":"(Required) Label for the monitor app in Sematext Cloud.","description_kind":"plain","required":true},"sc_apptoken_entries":{"type":["map","string"],"description":"Map of apptoken name -\u003e id. Calculated, supplied by SC Cloud.","description_kind":"plain","computed":true}},"block_types":{"apptoken":{"nesting_mode":"set","block":{"attributes":{"names":{"type":["list","string"],"description_kind":"plain","required":true}},"description":"(required) apptoken(s) attached to the monitor app in Sematext Cloud.","description_kind":"plain"},"min_items":1}},"description_kind":"plain"}}}}}}
