{"format_version":"0.2","provider_schemas":{"registry.terraform.io/shipa-corp/shipa":{"provider":{"version":0,"block":{"attributes":{"admin_email":{"type":"string","description_kind":"plain","optional":true,"sensitive":true},"admin_password":{"type":"string","description_kind":"plain","optional":true,"sensitive":true},"host":{"type":"string","description_kind":"plain","optional":true},"token":{"type":"string","description_kind":"plain","optional":true,"sensitive":true}},"description_kind":"plain"}},"resource_schemas":{"shipa_app":{"version":0,"block":{"attributes":{"id":{"type":"string","description_kind":"plain","optional":true,"computed":true}},"block_types":{"app":{"nesting_mode":"list","block":{"attributes":{"description":{"type":"string","description_kind":"plain","optional":true},"entrypoints":{"type":["list",["object",{"cname":"string","scheme":"string"}]],"description_kind":"plain","computed":true},"error":{"type":"string","description_kind":"plain","computed":true},"framework":{"type":"string","description_kind":"plain","required":true},"ip":{"type":"string","description_kind":"plain","computed":true},"lock":{"type":["list",["object",{"acquire_date":"string","locked":"bool","owner":"string","reason":"string"}]],"description_kind":"plain","computed":true},"name":{"type":"string","description_kind":"plain","required":true},"org":{"type":"string","description_kind":"plain","computed":true},"plan":{"type":["list",["object",{"cpushare":"number","default":"bool","memory":"number","name":"string","org":"string","public":"bool","swap":"number","teams":["list","string"]}]],"description_kind":"plain","computed":true},"platform":{"type":"string","description_kind":"plain","optional":true},"routers":{"type":["list",["object",{"address":"string","default":"bool","name":"string","opts":["map","string"],"type":"string"}]],"description_kind":"plain","computed":true},"status":{"type":"string","description_kind":"plain","computed":true},"tags":{"type":["list","string"],"description_kind":"plain","optional":true},"teamowner":{"type":"string","description_kind":"plain","required":true},"units":{"type":["list",["object",{"address":["list",["object",{"force_query":"bool","fragment":"string","host":"string","opaque":"string","path":"string","raw_fragment":"string","raw_path":"string","raw_query":"string","scheme":"string","user":"string"}]],"app_name":"string","host_addr":"string","host_port":"string","id":"string","ip":"string","name":"string","org":"string","process_name":"string","status":"string","type":"string","version":"string"}]],"description_kind":"plain","computed":true}},"description_kind":"plain"},"min_items":1,"max_items":1}},"description_kind":"plain"}},"shipa_app_cname":{"version":0,"block":{"attributes":{"app":{"type":"string","description_kind":"plain","required":true},"cname":{"type":"string","description_kind":"plain","required":true},"encrypt":{"type":"bool","description_kind":"plain","optional":true},"id":{"type":"string","description_kind":"plain","optional":true,"computed":true}},"description_kind":"plain"}},"shipa_app_deploy":{"version":0,"block":{"attributes":{"app":{"type":"string","description_kind":"plain","required":true},"id":{"type":"string","description_kind":"plain","optional":true,"computed":true}},"block_types":{"deploy":{"nesting_mode":"list","block":{"attributes":{"detach":{"type":"bool","description_kind":"plain","optional":true},"image":{"type":"string","description_kind":"plain","required":true},"message":{"type":"string","description_kind":"plain","optional":true},"port":{"type":"number","description_kind":"plain","optional":true},"private_image":{"type":"bool","description_kind":"plain","optional":true},"registry_secret":{"type":"string","description_kind":"plain","optional":true},"registry_user":{"type":"string","description_kind":"plain","optional":true},"step_interval":{"type":"number","description_kind":"plain","optional":true},"step_weight":{"type":"number","description_kind":"plain","optional":true},"steps":{"type":"number","description_kind":"plain","optional":true}},"description_kind":"plain"},"min_items":1,"max_items":1}},"description_kind":"plain"}},"shipa_app_env":{"version":0,"block":{"attributes":{"app":{"type":"string","description_kind":"plain","required":true},"id":{"type":"string","description_kind":"plain","optional":true,"computed":true}},"block_types":{"app_env":{"nesting_mode":"list","block":{"attributes":{"norestart":{"type":"bool","description_kind":"plain","optional":true},"private":{"type":"bool","description_kind":"plain","optional":true}},"block_types":{"envs":{"nesting_mode":"list","block":{"attributes":{"name":{"type":"string","description_kind":"plain","required":true},"value":{"type":"string","description_kind":"plain","required":true}},"description_kind":"plain"},"min_items":1}},"description_kind":"plain"},"min_items":1,"max_items":1}},"description_kind":"plain"}},"shipa_cluster":{"version":0,"block":{"attributes":{"id":{"type":"string","description_kind":"plain","optional":true,"computed":true}},"block_types":{"cluster":{"nesting_mode":"list","block":{"attributes":{"name":{"type":"string","description_kind":"plain","required":true}},"block_types":{"endpoint":{"nesting_mode":"list","block":{"attributes":{"addresses":{"type":["list","string"],"description_kind":"plain","required":true},"ca_cert":{"type":"string","description_kind":"plain","required":true},"client_cert":{"type":"string","description_kind":"plain","optional":true},"client_key":{"type":"string","description_kind":"plain","optional":true},"password":{"type":"string","description_kind":"plain","optional":true,"sensitive":true},"token":{"type":"string","description_kind":"plain","optional":true,"sensitive":true},"username":{"type":"string","description_kind":"plain","optional":true}},"description_kind":"plain"},"min_items":1,"max_items":1},"resources":{"nesting_mode":"list","block":{"block_types":{"frameworks":{"nesting_mode":"list","block":{"attributes":{"name":{"type":["list","string"],"description_kind":"plain","required":true}},"description_kind":"plain"},"min_items":1,"max_items":1},"ingress_controllers":{"nesting_mode":"list","block":{"attributes":{"acme_email":{"type":"string","description_kind":"plain","optional":true},"acme_server":{"type":"string","description_kind":"plain","optional":true},"debug":{"type":"bool","description_kind":"plain","optional":true},"http_port":{"type":"number","description_kind":"plain","optional":true},"https_port":{"type":"number","description_kind":"plain","optional":true},"ingress_ip":{"type":"string","description_kind":"plain","optional":true},"protected_port":{"type":"number","description_kind":"plain","optional":true},"service_type":{"type":"string","description_kind":"plain","optional":true},"type":{"type":"string","description_kind":"plain","optional":true}},"description_kind":"plain"}}},"description_kind":"plain"},"min_items":1}},"description_kind":"plain"},"min_items":1,"max_items":1}},"description_kind":"plain"}},"shipa_framework":{"version":0,"block":{"attributes":{"id":{"type":"string","description_kind":"plain","optional":true,"computed":true}},"block_types":{"framework":{"nesting_mode":"list","block":{"attributes":{"name":{"type":"string","description_kind":"plain","required":true},"provisioner":{"type":"string","description_kind":"plain","required":true}},"block_types":{"resources":{"nesting_mode":"list","block":{"block_types":{"general":{"nesting_mode":"list","block":{"attributes":{"router":{"type":"string","description_kind":"plain","optional":true},"volumes":{"type":["list","string"],"description_kind":"plain","optional":true}},"block_types":{"access":{"nesting_mode":"list","block":{"attributes":{"append":{"type":["list","string"],"description_kind":"plain","optional":true},"blacklist":{"type":["list","string"],"description_kind":"plain","optional":true}},"description_kind":"plain"},"max_items":1},"app_quota":{"nesting_mode":"list","block":{"attributes":{"limit":{"type":"string","description_kind":"plain","optional":true}},"description_kind":"plain"},"max_items":1},"container_policy":{"nesting_mode":"list","block":{"attributes":{"allowed_hosts":{"type":["list","string"],"description_kind":"plain","optional":true}},"description_kind":"plain"},"max_items":1},"network_policy":{"nesting_mode":"list","block":{"attributes":{"disable_app_policies":{"type":"bool","description_kind":"plain","optional":true}},"block_types":{"egress":{"nesting_mode":"list","block":{"attributes":{"policy_mode":{"type":"string","description_kind":"plain","optional":true},"shipa_rules_enabled":{"type":["list","string"],"description_kind":"plain","optional":true}},"block_types":{"custom_rules":{"nesting_mode":"list","block":{"attributes":{"allowed_apps":{"type":["list","string"],"description_kind":"plain","optional":true},"allowed_frameworks":{"type":["list","string"],"description_kind":"plain","optional":true},"description":{"type":"string","description_kind":"plain","optional":true},"enabled":{"type":"bool","description_kind":"plain","optional":true},"id":{"type":"string","description_kind":"plain","optional":true}},"block_types":{"peers":{"nesting_mode":"list","block":{"attributes":{"ip_block":{"type":["list","string"],"description_kind":"plain","optional":true}},"block_types":{"namespace_selector":{"nesting_mode":"list","block":{"attributes":{"match_labels":{"type":["map","string"],"description_kind":"plain","optional":true}},"block_types":{"match_expressions":{"nesting_mode":"list","block":{"attributes":{"key":{"type":"string","description_kind":"plain","optional":true},"operator":{"type":"string","description_kind":"plain","optional":true},"values":{"type":["list","string"],"description_kind":"plain","optional":true}},"description_kind":"plain"}}},"description_kind":"plain"},"max_items":1},"pod_selector":{"nesting_mode":"list","block":{"attributes":{"match_labels":{"type":["map","string"],"description_kind":"plain","optional":true}},"block_types":{"match_expressions":{"nesting_mode":"list","block":{"attributes":{"key":{"type":"string","description_kind":"plain","optional":true},"operator":{"type":"string","description_kind":"plain","optional":true},"values":{"type":["list","string"],"description_kind":"plain","optional":true}},"description_kind":"plain"}}},"description_kind":"plain"},"max_items":1}},"description_kind":"plain"}},"ports":{"nesting_mode":"list","block":{"attributes":{"port":{"type":"number","description_kind":"plain","optional":true},"protocol":{"type":"string","description_kind":"plain","optional":true}},"description_kind":"plain"}}},"description_kind":"plain"}},"shipa_rules":{"nesting_mode":"list","block":{"attributes":{"allowed_apps":{"type":["list","string"],"description_kind":"plain","optional":true},"allowed_frameworks":{"type":["list","string"],"description_kind":"plain","optional":true},"description":{"type":"string","description_kind":"plain","optional":true},"enabled":{"type":"bool","description_kind":"plain","optional":true},"id":{"type":"string","description_kind":"plain","optional":true}},"block_types":{"peers":{"nesting_mode":"list","block":{"attributes":{"ip_block":{"type":["list","string"],"description_kind":"plain","optional":true}},"block_types":{"namespace_selector":{"nesting_mode":"list","block":{"attributes":{"match_labels":{"type":["map","string"],"description_kind":"plain","optional":true}},"block_types":{"match_expressions":{"nesting_mode":"list","block":{"attributes":{"key":{"type":"string","description_kind":"plain","optional":true},"operator":{"type":"string","description_kind":"plain","optional":true},"values":{"type":["list","string"],"description_kind":"plain","optional":true}},"description_kind":"plain"}}},"description_kind":"plain"},"max_items":1},"pod_selector":{"nesting_mode":"list","block":{"attributes":{"match_labels":{"type":["map","string"],"description_kind":"plain","optional":true}},"block_types":{"match_expressions":{"nesting_mode":"list","block":{"attributes":{"key":{"type":"string","description_kind":"plain","optional":true},"operator":{"type":"string","description_kind":"plain","optional":true},"values":{"type":["list","string"],"description_kind":"plain","optional":true}},"description_kind":"plain"}}},"description_kind":"plain"},"max_items":1}},"description_kind":"plain"}},"ports":{"nesting_mode":"list","block":{"attributes":{"port":{"type":"number","description_kind":"plain","optional":true},"protocol":{"type":"string","description_kind":"plain","optional":true}},"description_kind":"plain"}}},"description_kind":"plain"}}},"description_kind":"plain"},"max_items":1},"ingress":{"nesting_mode":"list","block":{"attributes":{"policy_mode":{"type":"string","description_kind":"plain","optional":true},"shipa_rules_enabled":{"type":["list","string"],"description_kind":"plain","optional":true}},"block_types":{"custom_rules":{"nesting_mode":"list","block":{"attributes":{"allowed_apps":{"type":["list","string"],"description_kind":"plain","optional":true},"allowed_frameworks":{"type":["list","string"],"description_kind":"plain","optional":true},"description":{"type":"string","description_kind":"plain","optional":true},"enabled":{"type":"bool","description_kind":"plain","optional":true},"id":{"type":"string","description_kind":"plain","optional":true}},"block_types":{"peers":{"nesting_mode":"list","block":{"attributes":{"ip_block":{"type":["list","string"],"description_kind":"plain","optional":true}},"block_types":{"namespace_selector":{"nesting_mode":"list","block":{"attributes":{"match_labels":{"type":["map","string"],"description_kind":"plain","optional":true}},"block_types":{"match_expressions":{"nesting_mode":"list","block":{"attributes":{"key":{"type":"string","description_kind":"plain","optional":true},"operator":{"type":"string","description_kind":"plain","optional":true},"values":{"type":["list","string"],"description_kind":"plain","optional":true}},"description_kind":"plain"}}},"description_kind":"plain"},"max_items":1},"pod_selector":{"nesting_mode":"list","block":{"attributes":{"match_labels":{"type":["map","string"],"description_kind":"plain","optional":true}},"block_types":{"match_expressions":{"nesting_mode":"list","block":{"attributes":{"key":{"type":"string","description_kind":"plain","optional":true},"operator":{"type":"string","description_kind":"plain","optional":true},"values":{"type":["list","string"],"description_kind":"plain","optional":true}},"description_kind":"plain"}}},"description_kind":"plain"},"max_items":1}},"description_kind":"plain"}},"ports":{"nesting_mode":"list","block":{"attributes":{"port":{"type":"number","description_kind":"plain","optional":true},"protocol":{"type":"string","description_kind":"plain","optional":true}},"description_kind":"plain"}}},"description_kind":"plain"}},"shipa_rules":{"nesting_mode":"list","block":{"attributes":{"allowed_apps":{"type":["list","string"],"description_kind":"plain","optional":true},"allowed_frameworks":{"type":["list","string"],"description_kind":"plain","optional":true},"description":{"type":"string","description_kind":"plain","optional":true},"enabled":{"type":"bool","description_kind":"plain","optional":true},"id":{"type":"string","description_kind":"plain","optional":true}},"block_types":{"peers":{"nesting_mode":"list","block":{"attributes":{"ip_block":{"type":["list","string"],"description_kind":"plain","optional":true}},"block_types":{"namespace_selector":{"nesting_mode":"list","block":{"attributes":{"match_labels":{"type":["map","string"],"description_kind":"plain","optional":true}},"block_types":{"match_expressions":{"nesting_mode":"list","block":{"attributes":{"key":{"type":"string","description_kind":"plain","optional":true},"operator":{"type":"string","description_kind":"plain","optional":true},"values":{"type":["list","string"],"description_kind":"plain","optional":true}},"description_kind":"plain"}}},"description_kind":"plain"},"max_items":1},"pod_selector":{"nesting_mode":"list","block":{"attributes":{"match_labels":{"type":["map","string"],"description_kind":"plain","optional":true}},"block_types":{"match_expressions":{"nesting_mode":"list","block":{"attributes":{"key":{"type":"string","description_kind":"plain","optional":true},"operator":{"type":"string","description_kind":"plain","optional":true},"values":{"type":["list","string"],"description_kind":"plain","optional":true}},"description_kind":"plain"}}},"description_kind":"plain"},"max_items":1}},"description_kind":"plain"}},"ports":{"nesting_mode":"list","block":{"attributes":{"port":{"type":"number","description_kind":"plain","optional":true},"protocol":{"type":"string","description_kind":"plain","optional":true}},"description_kind":"plain"}}},"description_kind":"plain"}}},"description_kind":"plain"},"max_items":1}},"description_kind":"plain"},"max_items":1},"plan":{"nesting_mode":"list","block":{"attributes":{"name":{"type":"string","description_kind":"plain","optional":true}},"description_kind":"plain"},"max_items":1},"security":{"nesting_mode":"list","block":{"attributes":{"disable_scan":{"type":"bool","description_kind":"plain","optional":true},"ignore_components":{"type":["list","string"],"description_kind":"plain","optional":true},"ignore_cves":{"type":["list","string"],"description_kind":"plain","optional":true},"scan_platform_layers":{"type":"bool","description_kind":"plain","optional":true}},"description_kind":"plain"},"max_items":1},"services":{"nesting_mode":"list","block":{"attributes":{"append":{"type":["list","string"],"description_kind":"plain","optional":true},"blacklist":{"type":["list","string"],"description_kind":"plain","optional":true}},"description_kind":"plain"},"max_items":1},"setup":{"nesting_mode":"list","block":{"attributes":{"default":{"type":"bool","description_kind":"plain","optional":true},"kubernetes_namespace":{"type":"string","description_kind":"plain","optional":true},"provisioner":{"type":"string","description_kind":"plain","optional":true},"public":{"type":"bool","description_kind":"plain","optional":true}},"description_kind":"plain"},"max_items":1}},"description_kind":"plain"},"max_items":1},"shipa_node":{"nesting_mode":"list","block":{"attributes":{"drivers":{"type":["list","string"],"description_kind":"plain","optional":true}},"block_types":{"auto_scale":{"nesting_mode":"list","block":{"attributes":{"max_container":{"type":"number","description_kind":"plain","optional":true},"max_memory":{"type":"number","description_kind":"plain","optional":true},"rebalance":{"type":"bool","description_kind":"plain","optional":true},"scale_down":{"type":"number","description_kind":"plain","optional":true}},"description_kind":"plain"},"max_items":1}},"description_kind":"plain"},"max_items":1}},"description_kind":"plain"},"max_items":1}},"description_kind":"plain"},"min_items":1,"max_items":1}},"description_kind":"plain"}},"shipa_network_policy":{"version":0,"block":{"attributes":{"id":{"type":"string","description_kind":"plain","optional":true,"computed":true}},"block_types":{"network_policy":{"nesting_mode":"list","block":{"attributes":{"app":{"type":"string","description_kind":"plain","required":true}},"block_types":{"network_policy":{"nesting_mode":"list","block":{"attributes":{"restart_app":{"type":"bool","description_kind":"plain","optional":true}},"block_types":{"egress":{"nesting_mode":"list","block":{"attributes":{"policy_mode":{"type":"string","description_kind":"plain","optional":true},"shipa_rules_enabled":{"type":["list","string"],"description_kind":"plain","optional":true}},"block_types":{"custom_rules":{"nesting_mode":"list","block":{"attributes":{"allowed_apps":{"type":["list","string"],"description_kind":"plain","optional":true},"allowed_frameworks":{"type":["list","string"],"description_kind":"plain","optional":true},"description":{"type":"string","description_kind":"plain","optional":true},"enabled":{"type":"bool","description_kind":"plain","optional":true},"id":{"type":"string","description_kind":"plain","optional":true}},"block_types":{"peers":{"nesting_mode":"list","block":{"attributes":{"ip_block":{"type":["list","string"],"description_kind":"plain","optional":true}},"block_types":{"namespace_selector":{"nesting_mode":"list","block":{"attributes":{"match_labels":{"type":["map","string"],"description_kind":"plain","optional":true}},"block_types":{"match_expressions":{"nesting_mode":"list","block":{"attributes":{"key":{"type":"string","description_kind":"plain","optional":true},"operator":{"type":"string","description_kind":"plain","optional":true},"values":{"type":["list","string"],"description_kind":"plain","optional":true}},"description_kind":"plain"}}},"description_kind":"plain"},"max_items":1},"pod_selector":{"nesting_mode":"list","block":{"attributes":{"match_labels":{"type":["map","string"],"description_kind":"plain","optional":true}},"block_types":{"match_expressions":{"nesting_mode":"list","block":{"attributes":{"key":{"type":"string","description_kind":"plain","optional":true},"operator":{"type":"string","description_kind":"plain","optional":true},"values":{"type":["list","string"],"description_kind":"plain","optional":true}},"description_kind":"plain"}}},"description_kind":"plain"},"max_items":1}},"description_kind":"plain"}},"ports":{"nesting_mode":"list","block":{"attributes":{"port":{"type":"number","description_kind":"plain","optional":true},"protocol":{"type":"string","description_kind":"plain","optional":true}},"description_kind":"plain"}}},"description_kind":"plain"}},"shipa_rules":{"nesting_mode":"list","block":{"attributes":{"allowed_apps":{"type":["list","string"],"description_kind":"plain","optional":true},"allowed_frameworks":{"type":["list","string"],"description_kind":"plain","optional":true},"description":{"type":"string","description_kind":"plain","optional":true},"enabled":{"type":"bool","description_kind":"plain","optional":true},"id":{"type":"string","description_kind":"plain","optional":true}},"block_types":{"peers":{"nesting_mode":"list","block":{"attributes":{"ip_block":{"type":["list","string"],"description_kind":"plain","optional":true}},"block_types":{"namespace_selector":{"nesting_mode":"list","block":{"attributes":{"match_labels":{"type":["map","string"],"description_kind":"plain","optional":true}},"block_types":{"match_expressions":{"nesting_mode":"list","block":{"attributes":{"key":{"type":"string","description_kind":"plain","optional":true},"operator":{"type":"string","description_kind":"plain","optional":true},"values":{"type":["list","string"],"description_kind":"plain","optional":true}},"description_kind":"plain"}}},"description_kind":"plain"},"max_items":1},"pod_selector":{"nesting_mode":"list","block":{"attributes":{"match_labels":{"type":["map","string"],"description_kind":"plain","optional":true}},"block_types":{"match_expressions":{"nesting_mode":"list","block":{"attributes":{"key":{"type":"string","description_kind":"plain","optional":true},"operator":{"type":"string","description_kind":"plain","optional":true},"values":{"type":["list","string"],"description_kind":"plain","optional":true}},"description_kind":"plain"}}},"description_kind":"plain"},"max_items":1}},"description_kind":"plain"}},"ports":{"nesting_mode":"list","block":{"attributes":{"port":{"type":"number","description_kind":"plain","optional":true},"protocol":{"type":"string","description_kind":"plain","optional":true}},"description_kind":"plain"}}},"description_kind":"plain"}}},"description_kind":"plain"},"max_items":1},"ingress":{"nesting_mode":"list","block":{"attributes":{"policy_mode":{"type":"string","description_kind":"plain","optional":true},"shipa_rules_enabled":{"type":["list","string"],"description_kind":"plain","optional":true}},"block_types":{"custom_rules":{"nesting_mode":"list","block":{"attributes":{"allowed_apps":{"type":["list","string"],"description_kind":"plain","optional":true},"allowed_frameworks":{"type":["list","string"],"description_kind":"plain","optional":true},"description":{"type":"string","description_kind":"plain","optional":true},"enabled":{"type":"bool","description_kind":"plain","optional":true},"id":{"type":"string","description_kind":"plain","optional":true}},"block_types":{"peers":{"nesting_mode":"list","block":{"attributes":{"ip_block":{"type":["list","string"],"description_kind":"plain","optional":true}},"block_types":{"namespace_selector":{"nesting_mode":"list","block":{"attributes":{"match_labels":{"type":["map","string"],"description_kind":"plain","optional":true}},"block_types":{"match_expressions":{"nesting_mode":"list","block":{"attributes":{"key":{"type":"string","description_kind":"plain","optional":true},"operator":{"type":"string","description_kind":"plain","optional":true},"values":{"type":["list","string"],"description_kind":"plain","optional":true}},"description_kind":"plain"}}},"description_kind":"plain"},"max_items":1},"pod_selector":{"nesting_mode":"list","block":{"attributes":{"match_labels":{"type":["map","string"],"description_kind":"plain","optional":true}},"block_types":{"match_expressions":{"nesting_mode":"list","block":{"attributes":{"key":{"type":"string","description_kind":"plain","optional":true},"operator":{"type":"string","description_kind":"plain","optional":true},"values":{"type":["list","string"],"description_kind":"plain","optional":true}},"description_kind":"plain"}}},"description_kind":"plain"},"max_items":1}},"description_kind":"plain"}},"ports":{"nesting_mode":"list","block":{"attributes":{"port":{"type":"number","description_kind":"plain","optional":true},"protocol":{"type":"string","description_kind":"plain","optional":true}},"description_kind":"plain"}}},"description_kind":"plain"}},"shipa_rules":{"nesting_mode":"list","block":{"attributes":{"allowed_apps":{"type":["list","string"],"description_kind":"plain","optional":true},"allowed_frameworks":{"type":["list","string"],"description_kind":"plain","optional":true},"description":{"type":"string","description_kind":"plain","optional":true},"enabled":{"type":"bool","description_kind":"plain","optional":true},"id":{"type":"string","description_kind":"plain","optional":true}},"block_types":{"peers":{"nesting_mode":"list","block":{"attributes":{"ip_block":{"type":["list","string"],"description_kind":"plain","optional":true}},"block_types":{"namespace_selector":{"nesting_mode":"list","block":{"attributes":{"match_labels":{"type":["map","string"],"description_kind":"plain","optional":true}},"block_types":{"match_expressions":{"nesting_mode":"list","block":{"attributes":{"key":{"type":"string","description_kind":"plain","optional":true},"operator":{"type":"string","description_kind":"plain","optional":true},"values":{"type":["list","string"],"description_kind":"plain","optional":true}},"description_kind":"plain"}}},"description_kind":"plain"},"max_items":1},"pod_selector":{"nesting_mode":"list","block":{"attributes":{"match_labels":{"type":["map","string"],"description_kind":"plain","optional":true}},"block_types":{"match_expressions":{"nesting_mode":"list","block":{"attributes":{"key":{"type":"string","description_kind":"plain","optional":true},"operator":{"type":"string","description_kind":"plain","optional":true},"values":{"type":["list","string"],"description_kind":"plain","optional":true}},"description_kind":"plain"}}},"description_kind":"plain"},"max_items":1}},"description_kind":"plain"}},"ports":{"nesting_mode":"list","block":{"attributes":{"port":{"type":"number","description_kind":"plain","optional":true},"protocol":{"type":"string","description_kind":"plain","optional":true}},"description_kind":"plain"}}},"description_kind":"plain"}}},"description_kind":"plain"},"max_items":1}},"description_kind":"plain"},"max_items":1}},"description_kind":"plain"},"min_items":1,"max_items":1}},"description_kind":"plain"}},"shipa_permission":{"version":0,"block":{"attributes":{"id":{"type":"string","description_kind":"plain","optional":true,"computed":true},"name":{"type":"string","description_kind":"plain","required":true},"permission":{"type":["list","string"],"description_kind":"plain","required":true}},"description_kind":"plain"}},"shipa_plan":{"version":0,"block":{"attributes":{"id":{"type":"string","description_kind":"plain","optional":true,"computed":true}},"block_types":{"plan":{"nesting_mode":"list","block":{"attributes":{"cpushare":{"type":"number","description_kind":"plain","required":true},"default":{"type":"bool","description_kind":"plain","optional":true},"memory":{"type":"number","description_kind":"plain","required":true},"name":{"type":"string","description_kind":"plain","required":true},"org":{"type":"string","description_kind":"plain","optional":true},"public":{"type":"bool","description_kind":"plain","optional":true},"swap":{"type":"number","description_kind":"plain","required":true},"teams":{"type":["list","string"],"description_kind":"plain","required":true}},"description_kind":"plain"},"min_items":1,"max_items":1}},"description_kind":"plain"}},"shipa_role":{"version":0,"block":{"attributes":{"context":{"type":"string","description_kind":"plain","required":true},"description":{"type":"string","description_kind":"plain","optional":true},"id":{"type":"string","description_kind":"plain","optional":true,"computed":true},"name":{"type":"string","description_kind":"plain","required":true}},"description_kind":"plain"}},"shipa_role_association":{"version":0,"block":{"attributes":{"email":{"type":"string","description_kind":"plain","required":true},"id":{"type":"string","description_kind":"plain","optional":true,"computed":true},"name":{"type":"string","description_kind":"plain","required":true}},"description_kind":"plain"}},"shipa_team":{"version":0,"block":{"attributes":{"id":{"type":"string","description_kind":"plain","optional":true,"computed":true}},"block_types":{"team":{"nesting_mode":"list","block":{"attributes":{"name":{"type":"string","description_kind":"plain","required":true},"tags":{"type":["list","string"],"description_kind":"plain","optional":true}},"description_kind":"plain"},"min_items":1,"max_items":1}},"description_kind":"plain"}},"shipa_user":{"version":0,"block":{"attributes":{"email":{"type":"string","description_kind":"plain","required":true},"id":{"type":"string","description_kind":"plain","optional":true,"computed":true},"password":{"type":"string","description_kind":"plain","required":true,"sensitive":true}},"description_kind":"plain"}}},"data_source_schemas":{"shipa_app":{"version":0,"block":{"attributes":{"app":{"type":["list",["object",{"description":"string","entrypoints":["list",["object",{"cname":"string","scheme":"string"}]],"error":"string","framework":"string","ip":"string","lock":["list",["object",{"acquire_date":"string","locked":"bool","owner":"string","reason":"string"}]],"name":"string","org":"string","plan":["list",["object",{"cpushare":"number","default":"bool","memory":"number","name":"string","org":"string","public":"bool","swap":"number","teams":["list","string"]}]],"platform":"string","routers":["list",["object",{"address":"string","default":"bool","name":"string","opts":["map","string"],"type":"string"}]],"status":"string","tags":["list","string"],"teamowner":"string","units":["list",["object",{"address":["list",["object",{"force_query":"bool","fragment":"string","host":"string","opaque":"string","path":"string","raw_fragment":"string","raw_path":"string","raw_query":"string","scheme":"string","user":"string"}]],"app_name":"string","host_addr":"string","host_port":"string","id":"string","ip":"string","name":"string","org":"string","process_name":"string","status":"string","type":"string","version":"string"}]]}]],"description_kind":"plain","computed":true},"id":{"type":"string","description_kind":"plain","required":true}},"description_kind":"plain"}},"shipa_apps":{"version":0,"block":{"attributes":{"apps":{"type":["list",["object",{"description":"string","entrypoints":["list",["object",{"cname":"string","scheme":"string"}]],"error":"string","framework":"string","ip":"string","lock":["list",["object",{"acquire_date":"string","locked":"bool","owner":"string","reason":"string"}]],"name":"string","org":"string","plan":["list",["object",{"cpushare":"number","default":"bool","memory":"number","name":"string","org":"string","public":"bool","swap":"number","teams":["list","string"]}]],"platform":"string","routers":["list",["object",{"address":"string","default":"bool","name":"string","opts":["map","string"],"type":"string"}]],"status":"string","tags":["list","string"],"teamowner":"string","units":["list",["object",{"address":["list",["object",{"force_query":"bool","fragment":"string","host":"string","opaque":"string","path":"string","raw_fragment":"string","raw_path":"string","raw_query":"string","scheme":"string","user":"string"}]],"app_name":"string","host_addr":"string","host_port":"string","id":"string","ip":"string","name":"string","org":"string","process_name":"string","status":"string","type":"string","version":"string"}]]}]],"description_kind":"plain","computed":true},"id":{"type":"string","description_kind":"plain","optional":true,"computed":true}},"description_kind":"plain"}},"shipa_framework":{"version":0,"block":{"attributes":{"framework":{"type":["list",["object",{"allowed":["list",["object",{"driver":["list","string"],"plan":["list","string"],"team":["list","string"]}]],"default":"bool","name":"string","provisioner":"string","public":"bool","teams":["list","string"]}]],"description_kind":"plain","computed":true},"id":{"type":"string","description_kind":"plain","required":true}},"description_kind":"plain"}},"shipa_frameworks":{"version":0,"block":{"attributes":{"frameworks":{"type":["list",["object",{"allowed":["list",["object",{"driver":["list","string"],"plan":["list","string"],"team":["list","string"]}]],"default":"bool","name":"string","provisioner":"string","public":"bool","teams":["list","string"]}]],"description_kind":"plain","computed":true},"id":{"type":"string","description_kind":"plain","optional":true,"computed":true}},"description_kind":"plain"}}}}}}
