{"format_version":"0.2","provider_schemas":{"registry.terraform.io/shorelinesoftware/shoreline":{"provider":{"version":0,"block":{"attributes":{"debug":{"type":"bool","description":"Debug logging to `/tmp/tf-shoreline.log`.","description_kind":"markdown","optional":true},"retries":{"type":"number","description":"Number of retries for API calls, in case of e.g. transient network failures.","description_kind":"markdown","optional":true},"token":{"type":"string","description":"Customer/user-specific authorization token for the Shoreline API server. May be provided via `SHORELINE_TOKEN` env variable.","description_kind":"markdown","optional":true,"sensitive":true},"url":{"type":"string","description":"Customer-specific URL for the Shoreline API server. It should be of the form ```https://\u003ccustomer\u003e.\u003cregion\u003e.api.shoreline-\u003ccluster\u003e.io``` .","description_kind":"markdown","required":true}},"description_kind":"plain"}},"resource_schemas":{"shoreline_action":{"version":0,"block":{"attributes":{"command":{"type":"string","description":"A specific action to run.","description_kind":"markdown","required":true},"complete_long_template":{"type":"string","description":"The long description of the Action's completion.","description_kind":"markdown","optional":true},"complete_short_template":{"type":"string","description":"The short description of the Action's completion.","description_kind":"markdown","optional":true},"complete_title_template":{"type":"string","description":"UI title of the Action's completion.","description_kind":"markdown","optional":true},"description":{"type":"string","description":"A user-friendly explanation of an object.","description_kind":"markdown","optional":true},"enabled":{"type":"bool","description":"If the object is currently enabled or disabled. Defaults to `false`.","description_kind":"markdown","optional":true},"error_long_template":{"type":"string","description":"The long description of the Action's error condition.","description_kind":"markdown","optional":true},"error_short_template":{"type":"string","description":"The short description of the Action's error condition.","description_kind":"markdown","optional":true},"error_title_template":{"type":"string","description":"UI title of the Action's error condition.","description_kind":"markdown","optional":true},"id":{"type":"string","description_kind":"plain","optional":true,"computed":true},"name":{"type":"string","description":"The name of the object (must be unique).","description_kind":"markdown","required":true},"params":{"type":["list","string"],"description":"Named variables to pass to an object (e.g. an Action).","description_kind":"markdown","optional":true},"res_env_var":{"type":"string","description":"Result environment variable ... an environment variable used to output values through.","description_kind":"markdown","optional":true},"resource_query":{"type":"string","description":"A set of Resources (e.g. host, pod, container), optionally filtered on tags or dynamic conditions.","description_kind":"markdown","optional":true},"shell":{"type":"string","description":"The commandline shell to use (e.g. /bin/sh).","description_kind":"markdown","optional":true},"start_long_template":{"type":"string","description":"The long description when starting the Action.","description_kind":"markdown","optional":true},"start_short_template":{"type":"string","description":"The short description when starting the Action.","description_kind":"markdown","optional":true},"start_title_template":{"type":"string","description":"UI title of the start of the Action.","description_kind":"markdown","optional":true},"timeout":{"type":"number","description":"Maximum time to wait, in milliseconds. Defaults to `60000`.","description_kind":"markdown","optional":true},"type":{"type":"string","description":"The type of object (i.e., Alarm, Action, Bot, Metric, Resource, or File).","description_kind":"markdown","computed":true}},"description":"Shoreline action. A command that can be run.\n\nSee the Shoreline [Actions Documentation](https://docs.shoreline.io/actions) for more info.","description_kind":"markdown"}},"shoreline_alarm":{"version":0,"block":{"attributes":{"check_interval_sec":{"type":"string","description":"Defaults to `1`.","description_kind":"markdown","optional":true},"clear_query":{"type":"string","description":"The Alarm's resolution condition.","description_kind":"markdown","optional":true},"compile_eligible":{"type":"bool","description":"If the Alarm can be effectively optimized. Defaults to `true`.","description_kind":"markdown","optional":true},"condition_type":{"type":"string","description":"Kind of check in an Alarm (e.g. above or below) vs a threshold for a Metric.","description_kind":"markdown","optional":true},"condition_value":{"type":"string","description":"Switching value (threshold) for a Metric in an Alarm.","description_kind":"markdown","optional":true},"description":{"type":"string","description":"A user-friendly explanation of an object.","description_kind":"markdown","optional":true},"enabled":{"type":"bool","description":"If the object is currently enabled or disabled. Defaults to `false`.","description_kind":"markdown","optional":true},"family":{"type":"string","description":"General class for an Action or Bot (e.g., custom, standard, metric, or system check). Defaults to `custom`.","description_kind":"markdown","optional":true},"fire_long_template":{"type":"string","description":"The long description of the Alarm's triggering condition.","description_kind":"markdown","optional":true},"fire_query":{"type":"string","description":"The Alarm's trigger condition.","description_kind":"markdown","required":true},"fire_short_template":{"type":"string","description":"The short description of the Alarm's triggering condition.","description_kind":"markdown","optional":true},"fire_title_template":{"type":"string","description":"UI title of the Alarm's triggering condition.","description_kind":"markdown","optional":true},"id":{"type":"string","description_kind":"plain","optional":true,"computed":true},"metric_name":{"type":"string","description":"The Alarm's triggering Metric.","description_kind":"markdown","optional":true},"mute_query":{"type":"string","description":"The Alarm's mute condition.","description_kind":"markdown","optional":true},"name":{"type":"string","description":"The name of the object (must be unique).","description_kind":"markdown","required":true},"raise_for":{"type":"string","description":"Where an Alarm is raised (e.g., local to a resource, or global to the system). Defaults to `local`.","description_kind":"markdown","optional":true},"resolve_long_template":{"type":"string","description":"The long description of the Alarm's resolution.","description_kind":"markdown","optional":true},"resolve_short_template":{"type":"string","description":"The short description of the Alarm's resolution.","description_kind":"markdown","optional":true},"resolve_title_template":{"type":"string","description":"UI title of the Alarm's' resolution.","description_kind":"markdown","optional":true},"resource_query":{"type":"string","description":"A set of Resources (e.g. host, pod, container), optionally filtered on tags or dynamic conditions.","description_kind":"markdown","optional":true},"resource_type":{"type":"string","description_kind":"plain","optional":true},"type":{"type":"string","description":"The type of object (i.e., Alarm, Action, Bot, Metric, Resource, or File).","description_kind":"markdown","computed":true}},"description":"Shoreline alarm. A condition that triggers Alerts or Actions.\n\nSee the Shoreline [Alarms Documentation](https://docs.shoreline.io/alarms) for more info.","description_kind":"markdown"}},"shoreline_bot":{"version":0,"block":{"attributes":{"command":{"type":"string","description":"A specific action to run.","description_kind":"markdown","required":true},"description":{"type":"string","description":"A user-friendly explanation of an object.","description_kind":"markdown","optional":true},"enabled":{"type":"bool","description":"If the object is currently enabled or disabled. Defaults to `false`.","description_kind":"markdown","optional":true},"family":{"type":"string","description":"General class for an Action or Bot (e.g., custom, standard, metric, or system check). Defaults to `custom`.","description_kind":"markdown","optional":true},"id":{"type":"string","description_kind":"plain","optional":true,"computed":true},"name":{"type":"string","description":"The name of the object (must be unique).","description_kind":"markdown","required":true},"type":{"type":"string","description":"The type of object (i.e., Alarm, Action, Bot, Metric, Resource, or File).","description_kind":"markdown","computed":true}},"description":"Shoreline bot. An automation that ties an Action to an Alert.\n\nSee the Shoreline [Bots Documentation](https://docs.shoreline.io/bots) for more info.","description_kind":"markdown"}},"shoreline_file":{"version":0,"block":{"attributes":{"checksum":{"type":"string","description":"Cryptographic hash (e.g. md5) of a File Resource.","description_kind":"markdown","computed":true},"description":{"type":"string","description":"A user-friendly explanation of an object.","description_kind":"markdown","optional":true},"destination_path":{"type":"string","description":"Target location for a copied distributed File object.  See [Op: cp](https://docs.shoreline.io/op/commands/cp).","description_kind":"markdown","required":true},"enabled":{"type":"bool","description":"If the object is currently enabled or disabled. Defaults to `false`.","description_kind":"markdown","optional":true},"file_data":{"type":"string","description":"Internal representation of a distributed File object's data (computed).","description_kind":"markdown","computed":true},"file_length":{"type":"number","description":"Length, in bytes, of a distributed File object (computed)","description_kind":"markdown","computed":true},"id":{"type":"string","description_kind":"plain","optional":true,"computed":true},"input_file":{"type":"string","description":"The local source of a distributed File object.","description_kind":"markdown","required":true},"name":{"type":"string","description":"The name of the object (must be unique).","description_kind":"markdown","required":true},"resource_query":{"type":"string","description":"A set of Resources (e.g. host, pod, container), optionally filtered on tags or dynamic conditions.","description_kind":"markdown","optional":true},"type":{"type":"string","description":"The type of object (i.e., Alarm, Action, Bot, Metric, Resource, or File).","description_kind":"markdown","computed":true}},"description":"Shoreline file. A datafile that is automatically copied/distributed to defined Resources.\n\nSee the Shoreline [OpCp Documentation](https://docs.shoreline.io/op/commands/cp) for more info.","description_kind":"markdown"}},"shoreline_metric":{"version":0,"block":{"attributes":{"description":{"type":"string","description":"A user-friendly explanation of an object.","description_kind":"markdown","optional":true},"id":{"type":"string","description_kind":"plain","optional":true,"computed":true},"name":{"type":"string","description":"The name of the object (must be unique).","description_kind":"markdown","required":true},"params":{"type":["list","string"],"description":"Named variables to pass to an object (e.g. an Action).","description_kind":"markdown","optional":true},"res_env_var":{"type":"string","description":"Result environment variable ... an environment variable used to output values through.","description_kind":"markdown","optional":true},"resource_type":{"type":"string","description_kind":"plain","optional":true},"shell":{"type":"string","description":"The commandline shell to use (e.g. /bin/sh).","description_kind":"markdown","optional":true},"type":{"type":"string","description":"The type of object (i.e., Alarm, Action, Bot, Metric, Resource, or File).","description_kind":"markdown","computed":true},"units":{"type":"string","description":"Units of a Metric (e.g., bytes, blocks, packets, percent).","description_kind":"markdown","optional":true},"value":{"type":"string","description":"The Op statement that defines a Metric or Resource.","description_kind":"markdown","required":true}},"description":"Shoreline metric. A periodic measurement of a system property.\n\nSee the Shoreline [Metrics Documentation](https://docs.shoreline.io/metrics) for more info.","description_kind":"markdown"}},"shoreline_resource":{"version":0,"block":{"attributes":{"description":{"type":"string","description":"A user-friendly explanation of an object.","description_kind":"markdown","optional":true},"id":{"type":"string","description_kind":"plain","optional":true,"computed":true},"name":{"type":"string","description":"The name of the object (must be unique).","description_kind":"markdown","required":true},"params":{"type":["list","string"],"description":"Named variables to pass to an object (e.g. an Action).","description_kind":"markdown","optional":true},"res_env_var":{"type":"string","description":"Result environment variable ... an environment variable used to output values through.","description_kind":"markdown","optional":true},"shell":{"type":"string","description":"The commandline shell to use (e.g. /bin/sh).","description_kind":"markdown","optional":true},"type":{"type":"string","description":"The type of object (i.e., Alarm, Action, Bot, Metric, Resource, or File).","description_kind":"markdown","computed":true},"value":{"type":"string","description":"The Op statement that defines a Metric or Resource.","description_kind":"markdown","required":true}},"description":"Shoreline resource. A server or compute resource in the system (e.g. host, pod, container).\n\nSee the Shoreline [Resources Documentation](https://docs.shoreline.io/platform/resources) for more info.","description_kind":"markdown"}}}}}}
