{"format_version":"0.2","provider_schemas":{"registry.terraform.io/skytap/skytap":{"provider":{"version":0,"block":{"attributes":{"api_token":{"type":"string","description":"API Token for the skytap account.","description_kind":"plain","required":true},"username":{"type":"string","description":"Username for the skytap account.","description_kind":"plain","required":true}},"description_kind":"plain"}},"resource_schemas":{"skytap_environment":{"version":0,"block":{"attributes":{"description":{"type":"string","description_kind":"plain","required":true},"id":{"type":"string","description_kind":"plain","optional":true,"computed":true},"name":{"type":"string","description_kind":"plain","required":true},"outbound_traffic":{"type":"bool","description_kind":"plain","optional":true},"routable":{"type":"bool","description_kind":"plain","optional":true},"shutdown_at_time":{"type":"string","description_kind":"plain","optional":true},"shutdown_on_idle":{"type":"number","description_kind":"plain","optional":true},"suspend_at_time":{"type":"string","description_kind":"plain","optional":true},"suspend_on_idle":{"type":"number","description_kind":"plain","optional":true},"tags":{"type":["set","string"],"description_kind":"plain","optional":true},"template_id":{"type":"string","description_kind":"plain","required":true},"user_data":{"type":"string","description_kind":"plain","optional":true}},"block_types":{"label":{"nesting_mode":"set","block":{"attributes":{"category":{"type":"string","description_kind":"plain","required":true},"id":{"type":"string","description_kind":"plain","computed":true},"value":{"type":"string","description_kind":"plain","required":true}},"description_kind":"plain"}},"timeouts":{"nesting_mode":"single","block":{"attributes":{"create":{"type":"string","description_kind":"plain","optional":true},"delete":{"type":"string","description_kind":"plain","optional":true},"update":{"type":"string","description_kind":"plain","optional":true}},"description_kind":"plain"}}},"description_kind":"plain"}},"skytap_icnr_tunnel":{"version":0,"block":{"attributes":{"id":{"type":"string","description_kind":"plain","optional":true,"computed":true},"source":{"type":"number","description_kind":"plain","required":true},"target":{"type":"number","description_kind":"plain","required":true}},"block_types":{"timeouts":{"nesting_mode":"single","block":{"attributes":{"create":{"type":"string","description_kind":"plain","optional":true},"delete":{"type":"string","description_kind":"plain","optional":true},"update":{"type":"string","description_kind":"plain","optional":true}},"description_kind":"plain"}}},"description_kind":"plain"}},"skytap_label_category":{"version":0,"block":{"attributes":{"id":{"type":"string","description_kind":"plain","optional":true,"computed":true},"name":{"type":"string","description_kind":"plain","required":true},"single_value":{"type":"bool","description_kind":"plain","required":true}},"block_types":{"timeouts":{"nesting_mode":"single","block":{"attributes":{"create":{"type":"string","description_kind":"plain","optional":true},"delete":{"type":"string","description_kind":"plain","optional":true},"update":{"type":"string","description_kind":"plain","optional":true}},"description_kind":"plain"}}},"description_kind":"plain"}},"skytap_network":{"version":0,"block":{"attributes":{"domain":{"type":"string","description_kind":"plain","required":true},"environment_id":{"type":"string","description_kind":"plain","required":true},"gateway":{"type":"string","description_kind":"plain","optional":true,"computed":true},"id":{"type":"string","description_kind":"plain","optional":true,"computed":true},"name":{"type":"string","description_kind":"plain","required":true},"subnet":{"type":"string","description_kind":"plain","required":true},"tunnelable":{"type":"bool","description_kind":"plain","optional":true}},"block_types":{"timeouts":{"nesting_mode":"single","block":{"attributes":{"create":{"type":"string","description_kind":"plain","optional":true},"delete":{"type":"string","description_kind":"plain","optional":true},"update":{"type":"string","description_kind":"plain","optional":true}},"description_kind":"plain"}}},"description_kind":"plain"}},"skytap_project":{"version":0,"block":{"attributes":{"auto_add_role_name":{"type":"string","description_kind":"plain","optional":true},"id":{"type":"string","description_kind":"plain","optional":true,"computed":true},"name":{"type":"string","description_kind":"plain","required":true},"show_project_members":{"type":"bool","description_kind":"plain","optional":true},"summary":{"type":"string","description_kind":"plain","optional":true}},"block_types":{"timeouts":{"nesting_mode":"single","block":{"attributes":{"create":{"type":"string","description_kind":"plain","optional":true},"delete":{"type":"string","description_kind":"plain","optional":true},"update":{"type":"string","description_kind":"plain","optional":true}},"description_kind":"plain"}}},"description_kind":"plain"}},"skytap_vm":{"version":0,"block":{"attributes":{"cpus":{"type":"number","description_kind":"plain","optional":true,"computed":true},"environment_id":{"type":"string","description_kind":"plain","required":true},"id":{"type":"string","description_kind":"plain","optional":true,"computed":true},"max_cpus":{"type":"number","description_kind":"plain","computed":true},"max_ram":{"type":"number","description_kind":"plain","computed":true},"name":{"type":"string","description_kind":"plain","optional":true,"computed":true},"os_disk_size":{"type":"number","description_kind":"plain","optional":true,"computed":true},"ram":{"type":"number","description_kind":"plain","optional":true,"computed":true},"service_ips":{"type":["map","string"],"description_kind":"plain","computed":true},"service_ports":{"type":["map","number"],"description_kind":"plain","computed":true},"template_id":{"type":"string","description_kind":"plain","required":true},"user_data":{"type":"string","description_kind":"plain","optional":true},"vm_id":{"type":"string","description_kind":"plain","required":true}},"block_types":{"disk":{"nesting_mode":"set","block":{"attributes":{"controller":{"type":"string","description_kind":"plain","computed":true},"id":{"type":"string","description_kind":"plain","computed":true},"lun":{"type":"string","description_kind":"plain","computed":true},"name":{"type":"string","description_kind":"plain","required":true},"size":{"type":"number","description_kind":"plain","required":true},"type":{"type":"string","description_kind":"plain","computed":true}},"description_kind":"plain"}},"label":{"nesting_mode":"set","block":{"attributes":{"category":{"type":"string","description_kind":"plain","required":true},"id":{"type":"string","description_kind":"plain","computed":true},"value":{"type":"string","description_kind":"plain","required":true}},"description_kind":"plain"}},"network_interface":{"nesting_mode":"set","block":{"attributes":{"hostname":{"type":"string","description_kind":"plain","required":true},"id":{"type":"string","description_kind":"plain","computed":true},"interface_type":{"type":"string","description_kind":"plain","required":true},"ip":{"type":"string","description_kind":"plain","required":true},"network_id":{"type":"string","description_kind":"plain","required":true}},"block_types":{"published_service":{"nesting_mode":"set","block":{"attributes":{"external_ip":{"type":"string","description_kind":"plain","computed":true},"external_port":{"type":"number","description_kind":"plain","computed":true},"id":{"type":"string","description_kind":"plain","computed":true},"internal_port":{"type":"number","description_kind":"plain","required":true},"name":{"type":"string","description_kind":"plain","required":true}},"description_kind":"plain"}}},"description_kind":"plain"}},"timeouts":{"nesting_mode":"single","block":{"attributes":{"create":{"type":"string","description_kind":"plain","optional":true},"delete":{"type":"string","description_kind":"plain","optional":true},"update":{"type":"string","description_kind":"plain","optional":true}},"description_kind":"plain"}}},"description_kind":"plain"}}},"data_source_schemas":{"skytap_project":{"version":0,"block":{"attributes":{"auto_add_role_name":{"type":"string","description":"role automatically assigned to every new user added to the project","description_kind":"plain","computed":true},"id":{"type":"string","description_kind":"plain","optional":true,"computed":true},"name":{"type":"string","description":"name of the project","description_kind":"plain","required":true},"show_project_members":{"type":"bool","description":"whether project members can view a list of the other project members","description_kind":"plain","computed":true},"summary":{"type":"string","description":"summary description of the project","description_kind":"plain","computed":true}},"description_kind":"plain"}},"skytap_template":{"version":0,"block":{"attributes":{"id":{"type":"string","description_kind":"plain","optional":true,"computed":true},"most_recent":{"type":"bool","description":"used when multiple items will be returned","description_kind":"plain","optional":true},"name":{"type":"string","description":"regex expression to name of the template","description_kind":"plain","required":true}},"description_kind":"plain"}}}}}}
