{"format_version":"0.2","provider_schemas":{"registry.terraform.io/splunk/synthetics":{"provider":{"version":0,"block":{"attributes":{"apikey":{"type":"string","description_kind":"plain","optional":true}},"description_kind":"plain"}},"resource_schemas":{"synthetics_create_browser_check":{"version":0,"block":{"attributes":{"auto_retry":{"type":"bool","description_kind":"plain","optional":true},"auto_update_user_agent":{"type":"bool","description_kind":"plain","optional":true},"enabled":{"type":"bool","description_kind":"plain","optional":true},"enforce_ssl_validation":{"type":"bool","description_kind":"plain","optional":true},"frequency":{"type":"number","description_kind":"plain","required":true},"http_method":{"type":"string","description_kind":"plain","optional":true},"http_request_body":{"type":"string","description_kind":"plain","optional":true},"id":{"type":"string","description_kind":"plain","optional":true,"computed":true},"integrations":{"type":["list","number"],"description_kind":"plain","optional":true},"last_updated":{"type":"string","description_kind":"plain","optional":true,"computed":true},"locations":{"type":["list","number"],"description_kind":"plain","optional":true},"name":{"type":"string","description_kind":"plain","required":true},"round_robin":{"type":"bool","description_kind":"plain","optional":true},"tags":{"type":["list","string"],"description_kind":"plain","optional":true},"type":{"type":"string","description_kind":"plain","optional":true},"url":{"type":"string","description_kind":"plain","required":true},"user_agent":{"type":"string","description_kind":"plain","optional":true},"wait_for_full_metrics":{"type":"bool","description_kind":"plain","optional":true}},"block_types":{"blackout_periods":{"nesting_mode":"set","block":{"attributes":{"created_at":{"type":"string","description_kind":"plain","computed":true},"duration_in_minutes":{"type":"number","description_kind":"plain","computed":true},"end_date":{"type":"string","description_kind":"plain","computed":true},"end_time":{"type":"string","description_kind":"plain","computed":true},"is_repeat":{"type":"bool","description_kind":"plain","computed":true},"monthly_repeat_type":{"type":"string","description_kind":"plain","computed":true},"repeat_type":{"type":"string","description_kind":"plain","computed":true},"start_date":{"type":"string","description_kind":"plain","computed":true},"start_time":{"type":"string","description_kind":"plain","computed":true},"timezone":{"type":"string","description_kind":"plain","computed":true},"updated_at":{"type":"string","description_kind":"plain","computed":true}},"description_kind":"plain"}},"browser":{"nesting_mode":"set","block":{"attributes":{"type":{"type":"string","description_kind":"plain","optional":true}},"description_kind":"plain"}},"check_connection":{"nesting_mode":"set","block":{"attributes":{"download_bandwidth":{"type":"number","description_kind":"plain","optional":true},"latency":{"type":"number","description_kind":"plain","optional":true},"packet_loss":{"type":"number","description_kind":"plain","optional":true},"upload_bandwidth":{"type":"number","description_kind":"plain","optional":true}},"description_kind":"plain"}},"cookies":{"nesting_mode":"set","block":{"attributes":{"domain":{"type":"string","description_kind":"plain","optional":true},"key":{"type":"string","description_kind":"plain","optional":true},"path":{"type":"string","description_kind":"plain","optional":true},"value":{"type":"string","description_kind":"plain","optional":true}},"description_kind":"plain"}},"dns_overrides":{"nesting_mode":"set","block":{"attributes":{"original_domain":{"type":"string","description_kind":"plain","optional":true},"original_host":{"type":"string","description_kind":"plain","optional":true}},"description_kind":"plain"}},"excluded_files":{"nesting_mode":"set","block":{"attributes":{"exclusion_type":{"type":"string","description_kind":"plain","optional":true},"pattern":{"type":"string","description_kind":"plain","optional":true},"preset_name":{"type":"string","description_kind":"plain","optional":true}},"description_kind":"plain"}},"http_request_headers":{"nesting_mode":"list","block":{"attributes":{"user_agent":{"type":"string","description_kind":"plain","computed":true}},"description_kind":"plain"}},"javascript_files":{"nesting_mode":"set","block":{"attributes":{"id":{"type":"number","description_kind":"plain","optional":true},"name":{"type":"string","description_kind":"plain","optional":true}},"description_kind":"plain"}},"notifications":{"nesting_mode":"set","block":{"attributes":{"call":{"type":"bool","description_kind":"plain","optional":true},"email":{"type":"bool","description_kind":"plain","optional":true},"muted":{"type":"bool","description_kind":"plain","optional":true},"notify_after_failure_count":{"type":"number","description_kind":"plain","optional":true},"notify_on_location_failure":{"type":"bool","description_kind":"plain","optional":true},"sms":{"type":"bool","description_kind":"plain","optional":true}},"block_types":{"escalations":{"nesting_mode":"set","block":{"attributes":{"after_minutes":{"type":"number","description_kind":"plain","optional":true},"call":{"type":"bool","description_kind":"plain","optional":true},"email":{"type":"bool","description_kind":"plain","optional":true},"is_repeat":{"type":"bool","description_kind":"plain","computed":true},"sms":{"type":"bool","description_kind":"plain","optional":true}},"block_types":{"notification_window":{"nesting_mode":"set","block":{"attributes":{"duration_in_minutes":{"type":"number","description_kind":"plain","optional":true},"end_time":{"type":"string","description_kind":"plain","optional":true},"start_time":{"type":"string","description_kind":"plain","optional":true},"time_zone":{"type":"string","description_kind":"plain","optional":true}},"description_kind":"plain"}},"notify_who":{"nesting_mode":"set","block":{"attributes":{"call":{"type":"bool","description_kind":"plain","optional":true},"custom_user_email":{"type":"string","description_kind":"plain","optional":true},"email":{"type":"bool","description_kind":"plain","optional":true},"id":{"type":"number","description_kind":"plain","optional":true},"links":{"type":["set",["object",{"self_html":"string"}]],"description_kind":"plain","computed":true},"sms":{"type":"bool","description_kind":"plain","optional":true},"type":{"type":"string","description_kind":"plain","optional":true}},"description_kind":"plain"}}},"description_kind":"plain"}},"notification_windows":{"nesting_mode":"set","block":{"attributes":{"duration_in_minutes":{"type":"number","description_kind":"plain","optional":true},"end_time":{"type":"string","description_kind":"plain","optional":true},"start_time":{"type":"string","description_kind":"plain","optional":true},"time_zone":{"type":"string","description_kind":"plain","optional":true}},"description_kind":"plain"}},"notify_who":{"nesting_mode":"set","block":{"attributes":{"call":{"type":"bool","description_kind":"plain","optional":true},"custom_user_email":{"type":"string","description_kind":"plain","optional":true},"email":{"type":"bool","description_kind":"plain","optional":true},"id":{"type":"number","description_kind":"plain","optional":true,"computed":true},"links":{"type":["set",["object",{"self_html":"string"}]],"description_kind":"plain","computed":true},"sms":{"type":"bool","description_kind":"plain","optional":true},"type":{"type":"string","description_kind":"plain","optional":true}},"description_kind":"plain"}}},"description_kind":"plain"}},"steps":{"nesting_mode":"set","block":{"attributes":{"how":{"type":"string","description_kind":"plain","optional":true},"item_method":{"type":"string","description_kind":"plain","optional":true},"name":{"type":"string","description_kind":"plain","optional":true},"position":{"type":"number","description_kind":"plain","optional":true},"value":{"type":"string","description_kind":"plain","optional":true},"variable_name":{"type":"string","description_kind":"plain","optional":true},"what":{"type":"string","description_kind":"plain","optional":true}},"description_kind":"plain"}},"success_criteria":{"nesting_mode":"set","block":{"attributes":{"action_type":{"type":"string","description_kind":"plain","optional":true},"comparison_string":{"type":"string","description_kind":"plain","optional":true},"created_at":{"type":"string","description_kind":"plain","optional":true},"updated_at":{"type":"string","description_kind":"plain","optional":true}},"description_kind":"plain"}},"threshold_monitors":{"nesting_mode":"set","block":{"attributes":{"comparison_type":{"type":"string","description_kind":"plain","optional":true},"matcher":{"type":"string","description_kind":"plain","optional":true},"metric_name":{"type":"string","description_kind":"plain","optional":true},"value":{"type":"number","description_kind":"plain","optional":true}},"description_kind":"plain"}},"viewport":{"nesting_mode":"set","block":{"attributes":{"height":{"type":"number","description_kind":"plain","optional":true},"width":{"type":"number","description_kind":"plain","optional":true}},"description_kind":"plain"}}},"description_kind":"plain"}},"synthetics_create_http_check":{"version":0,"block":{"attributes":{"auto_retry":{"type":"bool","description_kind":"plain","optional":true},"enabled":{"type":"bool","description_kind":"plain","optional":true},"frequency":{"type":"number","description_kind":"plain","required":true},"http_method":{"type":"string","description_kind":"plain","optional":true},"http_request_body":{"type":"string","description_kind":"plain","optional":true},"id":{"type":"string","description_kind":"plain","optional":true,"computed":true},"integrations":{"type":["list","number"],"description_kind":"plain","optional":true},"last_updated":{"type":"string","description_kind":"plain","optional":true,"computed":true},"locations":{"type":["list","number"],"description_kind":"plain","optional":true},"name":{"type":"string","description_kind":"plain","required":true},"round_robin":{"type":"bool","description_kind":"plain","optional":true},"tags":{"type":["list","string"],"description_kind":"plain","optional":true},"url":{"type":"string","description_kind":"plain","required":true}},"block_types":{"blackout_periods":{"nesting_mode":"set","block":{"attributes":{"created_at":{"type":"string","description_kind":"plain","computed":true},"duration_in_minutes":{"type":"number","description_kind":"plain","computed":true},"end_date":{"type":"string","description_kind":"plain","computed":true},"end_time":{"type":"string","description_kind":"plain","computed":true},"is_repeat":{"type":"bool","description_kind":"plain","computed":true},"monthly_repeat_type":{"type":"string","description_kind":"plain","computed":true},"repeat_type":{"type":"string","description_kind":"plain","computed":true},"start_date":{"type":"string","description_kind":"plain","computed":true},"start_time":{"type":"string","description_kind":"plain","computed":true},"timezone":{"type":"string","description_kind":"plain","computed":true},"updated_at":{"type":"string","description_kind":"plain","computed":true}},"description_kind":"plain"}},"check_connection":{"nesting_mode":"set","block":{"attributes":{"download_bandwidth":{"type":"number","description_kind":"plain","optional":true},"latency":{"type":"number","description_kind":"plain","optional":true},"packet_loss":{"type":"number","description_kind":"plain","optional":true},"upload_bandwidth":{"type":"number","description_kind":"plain","optional":true}},"description_kind":"plain"}},"http_request_headers":{"nesting_mode":"list","block":{"attributes":{"user_agent":{"type":"string","description_kind":"plain","computed":true}},"description_kind":"plain"}},"notifications":{"nesting_mode":"set","block":{"attributes":{"call":{"type":"bool","description_kind":"plain","optional":true},"email":{"type":"bool","description_kind":"plain","optional":true},"muted":{"type":"bool","description_kind":"plain","optional":true},"notify_after_failure_count":{"type":"number","description_kind":"plain","optional":true},"notify_on_location_failure":{"type":"bool","description_kind":"plain","optional":true},"sms":{"type":"bool","description_kind":"plain","optional":true}},"block_types":{"escalations":{"nesting_mode":"set","block":{"attributes":{"after_minutes":{"type":"number","description_kind":"plain","optional":true},"call":{"type":"bool","description_kind":"plain","optional":true},"email":{"type":"bool","description_kind":"plain","optional":true},"is_repeat":{"type":"bool","description_kind":"plain","computed":true},"sms":{"type":"bool","description_kind":"plain","optional":true}},"block_types":{"notification_window":{"nesting_mode":"set","block":{"attributes":{"duration_in_minutes":{"type":"number","description_kind":"plain","optional":true},"end_time":{"type":"string","description_kind":"plain","optional":true},"start_time":{"type":"string","description_kind":"plain","optional":true},"time_zone":{"type":"string","description_kind":"plain","optional":true}},"description_kind":"plain"}},"notify_who":{"nesting_mode":"set","block":{"attributes":{"call":{"type":"bool","description_kind":"plain","optional":true},"custom_user_email":{"type":"string","description_kind":"plain","optional":true},"email":{"type":"bool","description_kind":"plain","optional":true},"id":{"type":"number","description_kind":"plain","optional":true},"links":{"type":["set",["object",{"self_html":"string"}]],"description_kind":"plain","computed":true},"sms":{"type":"bool","description_kind":"plain","optional":true},"type":{"type":"string","description_kind":"plain","optional":true}},"description_kind":"plain"}}},"description_kind":"plain"}},"notification_windows":{"nesting_mode":"set","block":{"attributes":{"duration_in_minutes":{"type":"number","description_kind":"plain","optional":true},"end_time":{"type":"string","description_kind":"plain","optional":true},"start_time":{"type":"string","description_kind":"plain","optional":true},"time_zone":{"type":"string","description_kind":"plain","optional":true}},"description_kind":"plain"}},"notify_who":{"nesting_mode":"set","block":{"attributes":{"call":{"type":"bool","description_kind":"plain","optional":true},"custom_user_email":{"type":"string","description_kind":"plain","optional":true},"email":{"type":"bool","description_kind":"plain","optional":true},"id":{"type":"number","description_kind":"plain","optional":true,"computed":true},"links":{"type":["set",["object",{"self_html":"string"}]],"description_kind":"plain","computed":true},"sms":{"type":"bool","description_kind":"plain","optional":true},"type":{"type":"string","description_kind":"plain","optional":true}},"description_kind":"plain"}}},"description_kind":"plain"}},"success_criteria":{"nesting_mode":"set","block":{"attributes":{"action_type":{"type":"string","description_kind":"plain","optional":true},"comparison_string":{"type":"string","description_kind":"plain","optional":true},"created_at":{"type":"string","description_kind":"plain","optional":true},"updated_at":{"type":"string","description_kind":"plain","optional":true}},"description_kind":"plain"}}},"description_kind":"plain"}}},"data_source_schemas":{"synthetics_check":{"version":0,"block":{"attributes":{"auto_retry":{"type":"bool","description_kind":"plain","computed":true},"blackout_periods":{"type":["set",["object",{"created_at":"string","duration_in_minutes":"number","end_date":"string","end_time":"string","is_repeat":"bool","monthly_repeat_type":"string","repeat_type":"string","start_date":"string","start_time":"string","timezone":"string","updated_at":"string"}]],"description_kind":"plain","computed":true},"created_at":{"type":"string","description_kind":"plain","optional":true,"computed":true},"enabled":{"type":"bool","description_kind":"plain","computed":true},"frequency":{"type":"number","description_kind":"plain","optional":true,"computed":true},"http_method":{"type":"string","description_kind":"plain","computed":true},"http_request_body":{"type":"string","description_kind":"plain","computed":true},"http_request_headers":{"type":["list",["object",{"user_agent":"string"}]],"description_kind":"plain","computed":true},"id":{"type":"number","description_kind":"plain","required":true},"integrations":{"type":["set",["object",{"id":"number","name":"string"}]],"description_kind":"plain","computed":true},"locations":{"type":["set",["object",{"id":"number","name":"string","region_code":"string","world_region":"string"}]],"description_kind":"plain","computed":true},"muted":{"type":"bool","description_kind":"plain","optional":true,"computed":true},"name":{"type":"string","description_kind":"plain","computed":true},"notifications":{"type":["set",["object",{"call":"bool","email":"bool","escalations":["set",["object",{"after_minutes":"number","call":"bool","email":"bool","is_repeat":"bool","notification_window":["set",["object",{"duration_in_minutes":"number","end_time":"string","start_time":"string","time_zone":"string"}]],"notify_who":["set",["object",{"custom_user_email":"string","id":"number","links":["set",["object",{"self_html":"string"}]],"type":"string"}]],"sms":"bool"}]],"muted":"bool","notification_windows":["set",["object",{"duration_in_minutes":"number","end_time":"string","start_time":"string","time_zone":"string"}]],"notify_after_failure_count":"number","notify_on_location_failure":"bool","notify_who":["set",["object",{"call":"bool","custom_user_email":"string","email":"bool","id":"number","links":["set",["object",{"self_html":"string"}]],"sms":"bool","type":"string"}]],"sms":"bool"}]],"description_kind":"plain","computed":true},"paused":{"type":"bool","description_kind":"plain","optional":true,"computed":true},"response_time_monitor_milliseconds":{"type":"number","description_kind":"plain","optional":true,"computed":true},"round_robin":{"type":"bool","description_kind":"plain","computed":true},"status":{"type":["set",["object",{"has_failure":"bool","has_location_failure":"bool","last_alert_at":"string","last_code":"number","last_failure_at":"string","last_message":"string","last_response_time":"number","last_run_at":"string"}]],"description_kind":"plain","computed":true},"success_criteria":{"type":["set",["object",{"action_type":"string","comparison_string":"string","created_at":"string","updated_at":"string"}]],"description_kind":"plain","computed":true},"tags":{"type":["set",["object",{"id":"number","name":"string"}]],"description_kind":"plain","computed":true},"type":{"type":"string","description_kind":"plain","optional":true,"computed":true},"updated_at":{"type":"string","description_kind":"plain","optional":true,"computed":true},"url":{"type":"string","description_kind":"plain","computed":true}},"block_types":{"browser":{"nesting_mode":"set","block":{"attributes":{"type":{"type":"string","description_kind":"plain","optional":true}},"description_kind":"plain"}},"check_connection":{"nesting_mode":"set","block":{"attributes":{"download_bandwidth":{"type":"number","description_kind":"plain","optional":true,"computed":true},"latency":{"type":"number","description_kind":"plain","optional":true,"computed":true},"packet_loss":{"type":"number","description_kind":"plain","optional":true,"computed":true},"upload_bandwidth":{"type":"number","description_kind":"plain","optional":true,"computed":true}},"description_kind":"plain"}},"cookies":{"nesting_mode":"set","block":{"attributes":{"domain":{"type":"string","description_kind":"plain","optional":true},"key":{"type":"string","description_kind":"plain","optional":true},"path":{"type":"string","description_kind":"plain","optional":true},"value":{"type":"string","description_kind":"plain","optional":true}},"description_kind":"plain"}},"dns_overrides":{"nesting_mode":"set","block":{"attributes":{"original_domain":{"type":"string","description_kind":"plain","optional":true},"original_host":{"type":"string","description_kind":"plain","optional":true}},"description_kind":"plain"}},"excluded_files":{"nesting_mode":"set","block":{"attributes":{"exclusion_type":{"type":"string","description_kind":"plain","optional":true},"pattern":{"type":"string","description_kind":"plain","optional":true},"preset_name":{"type":"string","description_kind":"plain","optional":true}},"description_kind":"plain"}},"javascript_files":{"nesting_mode":"set","block":{"attributes":{"id":{"type":"number","description_kind":"plain","optional":true},"name":{"type":"string","description_kind":"plain","optional":true}},"description_kind":"plain"}},"links":{"nesting_mode":"set","block":{"attributes":{"last_run":{"type":"string","description_kind":"plain","optional":true,"computed":true},"metrics":{"type":"string","description_kind":"plain","optional":true,"computed":true},"self":{"type":"string","description_kind":"plain","optional":true,"computed":true},"self_html":{"type":"string","description_kind":"plain","optional":true,"computed":true}},"description_kind":"plain"}},"steps":{"nesting_mode":"set","block":{"attributes":{"how":{"type":"string","description_kind":"plain","optional":true},"item_method":{"type":"string","description_kind":"plain","optional":true},"name":{"type":"string","description_kind":"plain","optional":true},"position":{"type":"number","description_kind":"plain","optional":true},"value":{"type":"string","description_kind":"plain","optional":true},"variable_name":{"type":"string","description_kind":"plain","optional":true},"what":{"type":"string","description_kind":"plain","optional":true}},"description_kind":"plain"}},"threshold_monitors":{"nesting_mode":"set","block":{"attributes":{"comparison_type":{"type":"string","description_kind":"plain","optional":true},"matcher":{"type":"string","description_kind":"plain","optional":true},"metric_name":{"type":"string","description_kind":"plain","optional":true},"value":{"type":"number","description_kind":"plain","optional":true}},"description_kind":"plain"}},"viewport":{"nesting_mode":"set","block":{"attributes":{"height":{"type":"number","description_kind":"plain","optional":true},"width":{"type":"number","description_kind":"plain","optional":true}},"description_kind":"plain"}}},"description_kind":"plain"}}}}}}
