{"format_version":"0.2","provider_schemas":{"registry.terraform.io/splunk-terraform/signalfx":{"provider":{"version":0,"block":{"attributes":{"api_url":{"type":"string","description":"API URL for your SignalFx org, may include a realm","description_kind":"plain","optional":true},"auth_token":{"type":"string","description":"SignalFx auth token","description_kind":"plain","optional":true},"custom_app_url":{"type":"string","description":"Application URL for your SignalFx org, often customzied for organizations using SSO","description_kind":"plain","optional":true},"timeout_seconds":{"type":"number","description":"Timeout duration for a single HTTP call in seconds. Defaults to 120","description_kind":"plain","optional":true}},"description_kind":"plain"}},"resource_schemas":{"signalfx_alert_muting_rule":{"version":0,"block":{"attributes":{"description":{"type":"string","description":"description of the rule","description_kind":"plain","required":true},"detectors":{"type":["list","string"],"description":"detectors to which this muting rule applies","description_kind":"plain","optional":true},"effective_start_time":{"type":"number","description_kind":"plain","computed":true},"id":{"type":"string","description_kind":"plain","optional":true,"computed":true},"start_time":{"type":"number","description":"starting time of an alert muting rule as a Unix timestamp, in seconds","description_kind":"plain","required":true},"stop_time":{"type":"number","description":"stop time of an alert muting rule as a Unix timestamp, in seconds","description_kind":"plain","optional":true}},"block_types":{"filter":{"nesting_mode":"set","block":{"attributes":{"negated":{"type":"bool","description":"(false by default) whether this filter should be a \"not\" filter","description_kind":"plain","optional":true},"property":{"type":"string","description":"the property to filter by","description_kind":"plain","required":true},"property_value":{"type":"string","description":"the value of the property to filter by","description_kind":"plain","required":true}},"description":"list of alert muting filters for this rule","description_kind":"plain"},"min_items":1}},"description_kind":"plain"}},"signalfx_aws_external_integration":{"version":0,"block":{"attributes":{"external_id":{"type":"string","description":"The SignalFx-generated AWS external ID to use with an AWS integration.","description_kind":"plain","computed":true,"sensitive":true},"id":{"type":"string","description_kind":"plain","optional":true,"computed":true},"name":{"type":"string","description":"Name of the integration","description_kind":"plain","required":true},"signalfx_aws_account":{"type":"string","description":"The SignalFx AWS account ID to use with an AWS role.","description_kind":"plain","computed":true,"sensitive":true}},"description_kind":"plain"}},"signalfx_aws_integration":{"version":0,"block":{"attributes":{"auth_method":{"type":"string","description":"The mechanism used to authenticate with AWS.","description_kind":"plain","computed":true},"custom_cloudwatch_namespaces":{"type":["set","string"],"description":"List of custom AWS CloudWatch namespaces to monitor. Custom namespaces contain custom metrics that you define in AWS; SignalFx imports the metrics so you can monitor them.","description_kind":"plain","optional":true},"enable_aws_usage":{"type":"bool","description":"Flag that controls how SignalFx imports usage metrics from AWS to use with AWS Cost Optimizer. If `true`, SignalFx imports the metrics.","description_kind":"plain","optional":true},"enable_check_large_volume":{"type":"bool","description":"Controls how SignalFx checks for large amounts of data for this AWS integration. If true, SignalFx monitors the amount of data coming in from the integration.","description_kind":"plain","optional":true},"enabled":{"type":"bool","description":"Whether the integration is enabled or not","description_kind":"plain","required":true},"external_id":{"type":"string","description":"Used with `signalfx_aws_external_integration`. Use this property to specify the external id.","description_kind":"plain","optional":true,"sensitive":true},"id":{"type":"string","description_kind":"plain","optional":true,"computed":true},"import_cloud_watch":{"type":"bool","description":"Flag that controls how SignalFx imports Cloud Watch metrics. If true, SignalFx imports Cloud Watch metrics from AWS.","description_kind":"plain","optional":true},"integration_id":{"type":"string","description":"The ID of this integration","description_kind":"plain","required":true},"key":{"type":"string","description":"Used with `signalfx_aws_token_integration`. Use this property to specify the token.","description_kind":"plain","optional":true,"sensitive":true},"name":{"type":"string","description":"Name of the integration","description_kind":"plain","computed":true},"named_token":{"type":"string","description":"A named token to use for ingest","description_kind":"plain","optional":true},"poll_rate":{"type":"number","description":"AWS poll rate (in seconds). Between `60` and `600`.","description_kind":"plain","optional":true},"regions":{"type":["set","string"],"description":"List of AWS regions that SignalFx should monitor.","description_kind":"plain","optional":true},"role_arn":{"type":"string","description":"Used with `signalfx_aws_external_integration`. Use this property to specify the AIM role ARN.","description_kind":"plain","optional":true},"services":{"type":["set","string"],"description":"List of AWS services that you want SignalFx to monitor. Each element is a string designating an AWS service.","description_kind":"plain","optional":true},"token":{"type":"string","description":"Used with `signalfx_aws_token_integration`. Use this property to specify the token.","description_kind":"plain","optional":true},"use_get_metric_data_method":{"type":"bool","description":"Enables the use of Amazon's GetMetricData API. Defaults to `false`.","description_kind":"plain","optional":true}},"block_types":{"custom_namespace_sync_rule":{"nesting_mode":"set","block":{"attributes":{"default_action":{"type":"string","description":"Controls the SignalFx default behavior for processing data from an AWS namespace. The available actions are one of \"Include\" or \"Exclude\".","description_kind":"plain","optional":true},"filter_action":{"type":"string","description":"Controls how SignalFx processes data from a custom AWS namespace. The available actions are one of \"Include\" or \"Exclude\".","description_kind":"plain","optional":true},"filter_source":{"type":"string","description":"Expression that selects the data that SignalFx should sync for the custom namespace associated with this sync rule. The expression uses the syntax defined for the SignalFlow `filter()` function; it can be any valid SignalFlow filter expression.","description_kind":"plain","optional":true},"namespace":{"type":"string","description":"An AWS custom namespace having custom AWS metrics that you want to sync with SignalFx. See the AWS documentation on publishing metrics for more information.","description_kind":"plain","required":true}},"description":"Each element controls the data collected by SignalFx for the specified namespace. If you specify this property, SignalFx ignores values in the \"custom_cloudwatch_namespaces\" property.","description_kind":"plain"}},"namespace_sync_rule":{"nesting_mode":"set","block":{"attributes":{"default_action":{"type":"string","description":"Controls the SignalFx default behavior for processing data from an AWS namespace. SignalFx ignores this property unless you specify the \"filter\" property in the namespace sync rule. If you do specify a filter, use this property to control how SignalFx treats data that doesn't match the filter. The available actions are one of \"Include\" or \"Exclude\".","description_kind":"plain","optional":true},"filter_action":{"type":"string","description":"Controls how SignalFx processes data from a custom AWS namespace. The available actions are one of \"Include\" or \"Exclude\".","description_kind":"plain","optional":true},"filter_source":{"type":"string","description":"Expression that selects the data that SignalFx should sync for the custom namespace associated with this sync rule. The expression uses the syntax defined for the SignalFlow `filter()` function; it can be any valid SignalFlow filter expression.","description_kind":"plain","optional":true},"namespace":{"type":"string","description":"An AWS namespace having custom AWS metrics that you want to sync with SignalFx. See the AWS documentation on publishing metrics for more information.","description_kind":"plain","required":true}},"description":"Each element in the array is an object that contains an AWS namespace name and a filter that controls the data that SignalFx collects for the namespace. If you specify this property, SignalFx ignores the values in the AWS CloudWatch Integration Model \"services\" property. If you don't specify either property, SignalFx syncs all data in all AWS namespaces.","description_kind":"plain"}}},"description_kind":"plain"}},"signalfx_aws_token_integration":{"version":0,"block":{"attributes":{"id":{"type":"string","description_kind":"plain","optional":true,"computed":true},"name":{"type":"string","description":"Name of the integration","description_kind":"plain","required":true},"signalfx_aws_account":{"type":"string","description":"The SignalFx AWS account ID to use with an AWS role.","description_kind":"plain","computed":true,"sensitive":true},"token_id":{"type":"string","description":"The SignalFx-generated AWS token to use with an AWS integration.","description_kind":"plain","computed":true,"sensitive":true}},"description_kind":"plain"}},"signalfx_azure_integration":{"version":0,"block":{"attributes":{"app_id":{"type":"string","description":"Azure application ID for the SignalFx app.","description_kind":"plain","required":true,"sensitive":true},"enabled":{"type":"bool","description":"Whether the integration is enabled or not","description_kind":"plain","required":true},"environment":{"type":"string","description":"what type of Azure integration this is. The allowed values are `\"azure_us_government\"` and `\"azure\"`. Defaults to `\"azure\"`","description_kind":"plain","optional":true,"sensitive":true},"id":{"type":"string","description_kind":"plain","optional":true,"computed":true},"name":{"type":"string","description":"Name of the integration","description_kind":"plain","required":true},"named_token":{"type":"string","description":"A named token to use for ingest","description_kind":"plain","optional":true},"poll_rate":{"type":"number","description":"Azure poll rate (in seconds). One of `60` or `300`.","description_kind":"plain","optional":true},"secret_key":{"type":"string","description":"Azure secret key that associates the SignalFx app in Azure with the Azure tenant.","description_kind":"plain","required":true,"sensitive":true},"services":{"type":["set","string"],"description":"List of Microsoft Azure service names for the Azure services you want SignalFx to monitor. SignalFx only supports certain services, and if you specify an unsupported one, you receive an API error.","description_kind":"plain","required":true},"subscriptions":{"type":["set","string"],"description":"List of Azure subscriptions that SignalFx should monitor.","description_kind":"plain","required":true},"sync_guest_os_namespaces":{"type":"bool","description":"If enabled, SignalFx will try to sync additional namespaces for VMs (including VMs in scale sets): telegraf/mem, telegraf/cpu, azure.vm.windows.guest (these are namespaces recommended by Azure when enabling their Diagnostic Extension). If there are no metrics there, no new datapoints will be ingested.","description_kind":"plain","optional":true},"tenant_id":{"type":"string","description":"Azure ID of the Azure tenant.","description_kind":"plain","required":true}},"block_types":{"custom_namespaces_per_service":{"nesting_mode":"set","block":{"attributes":{"namespaces":{"type":["set","string"],"description":"The namespaces to sync","description_kind":"plain","required":true},"service":{"type":"string","description":"The name of the service","description_kind":"plain","required":true}},"description":"Allows for more fine-grained control of syncing of custom namespaces, should the boolean convenience parameter `sync_guest_os_namespaces` be not enough. The customer may specify a map of services to custom namespaces. If they do so, for each service which is a key in this map, we will attempt to sync metrics from namespaces in the value list in addition to the default namespaces.","description_kind":"plain"}}},"description_kind":"plain"}},"signalfx_dashboard":{"version":0,"block":{"attributes":{"authorized_writer_teams":{"type":["set","string"],"description":"Team IDs that have write access to this dashboard","description_kind":"plain","optional":true},"authorized_writer_users":{"type":["set","string"],"description":"User IDs that have write access to this dashboard","description_kind":"plain","optional":true},"charts_resolution":{"type":"string","description":"Specifies the chart data display resolution for charts in this dashboard. Value can be one of \"default\", \"low\", \"high\", or \"highest\". default by default","description_kind":"plain","optional":true},"dashboard_group":{"type":"string","description":"The ID of the dashboard group that contains the dashboard. If an ID is not provided during creation, the dashboard will be placed in a newly created dashboard group","description_kind":"plain","required":true},"description":{"type":"string","description":"Description of the dashboard (Optional)","description_kind":"plain","optional":true},"discovery_options_query":{"type":"string","description_kind":"plain","optional":true},"discovery_options_selectors":{"type":["set","string"],"description_kind":"plain","optional":true},"end_time":{"type":"number","description":"Seconds since epoch to end the visualization","description_kind":"plain","optional":true},"id":{"type":"string","description_kind":"plain","optional":true,"computed":true},"name":{"type":"string","description":"Name of the dashboard","description_kind":"plain","required":true},"start_time":{"type":"number","description":"Seconds since epoch to start the visualization","description_kind":"plain","optional":true},"time_range":{"type":"string","description":"From when to display data. SignalFx time syntax (e.g. -5m, -1h)","description_kind":"plain","optional":true},"url":{"type":"string","description":"URL of the dashboard","description_kind":"plain","computed":true}},"block_types":{"chart":{"nesting_mode":"set","block":{"attributes":{"chart_id":{"type":"string","description":"ID of the chart to display","description_kind":"plain","required":true},"column":{"type":"number","description":"The column to show the chart in (zero-based); this value always represents the leftmost column of the chart. (between 0 and 11)","description_kind":"plain","optional":true},"height":{"type":"number","description":"How many rows the chart should take up. (greater than or equal to 1)","description_kind":"plain","optional":true},"row":{"type":"number","description":"The row to show the chart in (zero-based); if height \u003e 1, this value represents the topmost row of the chart. (greater than or equal to 0)","description_kind":"plain","optional":true},"width":{"type":"number","description":"How many columns (out of a total of 12, one-based) the chart should take up. (between 1 and 12)","description_kind":"plain","optional":true}},"description":"Chart ID and layout information for the charts in the dashboard","description_kind":"plain"}},"column":{"nesting_mode":"list","block":{"attributes":{"chart_ids":{"type":["list","string"],"description":"Charts to use for the column","description_kind":"plain","required":true},"column":{"type":"number","description":"The column to show the chart in (zero-based); this value always represents the leftmost column of the chart. (between 0 and 11)","description_kind":"plain","optional":true},"height":{"type":"number","description":"How many rows each chart should take up. (greater than or equal to 1)","description_kind":"plain","optional":true},"width":{"type":"number","description":"Number of columns (out of a total of 12) each chart should take up. (between 1 and 12)","description_kind":"plain","optional":true}},"description":"Column layout. Charts listed, will be placed in a single column with the same width and height","description_kind":"plain"}},"event_overlay":{"nesting_mode":"list","block":{"attributes":{"color":{"type":"string","description":"Color to use","description_kind":"plain","optional":true},"label":{"type":"string","description":"The text displaying in the dropdown menu used to select this event overlay as an active overlay for the dashboard.","description_kind":"plain","optional":true},"line":{"type":"bool","description":"(false by default) Whether a vertical line should be displayed in the plot at the time the event occurs","description_kind":"plain","optional":true},"signal":{"type":"string","description":"Search term used to define events","description_kind":"plain","required":true},"type":{"type":"string","description":"Source for this event's data. Can be \"eventTimeSeries\" (default) or \"detectorEvents\".","description_kind":"plain","optional":true}},"block_types":{"source":{"nesting_mode":"list","block":{"attributes":{"negated":{"type":"bool","description":"(false by default) Whether this filter should be a \"not\" filter","description_kind":"plain","optional":true},"property":{"type":"string","description":"A metric time series dimension or property name","description_kind":"plain","required":true},"values":{"type":["set","string"],"description":"List of strings (which will be treated as an OR filter on the property)","description_kind":"plain","required":true}},"description_kind":"plain"}}},"description":"Event overlay to add to charts","description_kind":"plain"}},"filter":{"nesting_mode":"set","block":{"attributes":{"apply_if_exist":{"type":"bool","description":"If true, this filter will also match data that does not have the specified property","description_kind":"plain","optional":true},"negated":{"type":"bool","description":"(false by default) Whether this filter should be a \"not\" filter","description_kind":"plain","optional":true},"property":{"type":"string","description":"A metric time series dimension or property name","description_kind":"plain","required":true},"values":{"type":["set","string"],"description":"List of strings (which will be treated as an OR filter on the property)","description_kind":"plain","required":true}},"description":"Filter to apply to each chart in the dashboard","description_kind":"plain"}},"grid":{"nesting_mode":"list","block":{"attributes":{"chart_ids":{"type":["list","string"],"description":"Charts to use for the grid","description_kind":"plain","required":true},"height":{"type":"number","description":"How many rows each chart should take up. (greater than or equal to 1)","description_kind":"plain","optional":true},"width":{"type":"number","description":"Number of columns (out of a total of 12, one-based) each chart should take up. (between 1 and 12)","description_kind":"plain","optional":true}},"description":"Grid dashboard layout. Charts listed will be placed in a grid by row with the same width and height. If a chart can't fit in a row, it will be placed automatically in the next row","description_kind":"plain"}},"selected_event_overlay":{"nesting_mode":"list","block":{"attributes":{"signal":{"type":"string","description":"Search term used to define events","description_kind":"plain","required":true},"type":{"type":"string","description":"Source for this event's data. Can be \"eventTimeSeries\" (default) or \"detectorEvents\".","description_kind":"plain","optional":true}},"block_types":{"source":{"nesting_mode":"list","block":{"attributes":{"negated":{"type":"bool","description":"(false by default) Whether this filter should be a \"not\" filter","description_kind":"plain","optional":true},"property":{"type":"string","description":"A metric time series dimension or property name","description_kind":"plain","required":true},"values":{"type":["set","string"],"description":"List of strings (which will be treated as an OR filter on the property)","description_kind":"plain","required":true}},"description_kind":"plain"}}},"description":"Event overlay added to charts by default to charts","description_kind":"plain"}},"variable":{"nesting_mode":"set","block":{"attributes":{"alias":{"type":"string","description":"An alias for the dashboard variable. This text will appear as the label for the dropdown field on the dashboard","description_kind":"plain","required":true},"apply_if_exist":{"type":"bool","description":"If true, this variable will also match data that does not have the specified property","description_kind":"plain","optional":true},"description":{"type":"string","description":"Variable description","description_kind":"plain","optional":true},"property":{"type":"string","description":"A metric time series dimension or property name","description_kind":"plain","required":true},"replace_only":{"type":"bool","description":"If true, this variable will only apply to charts with a filter on the named property.","description_kind":"plain","optional":true},"restricted_suggestions":{"type":"bool","description":"If true, this variable may only be set to the values listed in preferredSuggestions. and only these values will appear in autosuggestion menus. false by default","description_kind":"plain","optional":true},"value_required":{"type":"bool","description":"Determines whether a value is required for this variable (and therefore whether it will be possible to view this dashboard without this filter applied). false by default","description_kind":"plain","optional":true},"values":{"type":["set","string"],"description":"List of strings (which will be treated as an OR filter on the property)","description_kind":"plain","optional":true},"values_suggested":{"type":["set","string"],"description":"A list of strings of suggested values for this variable; these suggestions will receive priority when values are autosuggested for this variable","description_kind":"plain","optional":true}},"description":"Dashboard variable to apply to each chart in the dashboard","description_kind":"plain"}}},"description_kind":"plain"}},"signalfx_dashboard_group":{"version":0,"block":{"attributes":{"authorized_writer_teams":{"type":["set","string"],"description":"Team IDs that have write access to this dashboard","description_kind":"plain","optional":true},"authorized_writer_users":{"type":["set","string"],"description":"User IDs that have write access to this dashboard","description_kind":"plain","optional":true},"description":{"type":"string","description":"Description of the dashboard group","description_kind":"plain","optional":true},"id":{"type":"string","description_kind":"plain","optional":true,"computed":true},"name":{"type":"string","description":"Name of the dashboard group","description_kind":"plain","required":true},"teams":{"type":["list","string"],"description":"Team IDs to associate the dashboard group to","description_kind":"plain","optional":true}},"block_types":{"dashboard":{"nesting_mode":"list","block":{"attributes":{"dashboard_id":{"type":"string","description":"The label used in the publish statement that displays the plot (metric time series data) you want to customize","description_kind":"plain","required":true},"description_override":{"type":"string","description":"String that provides a description override for a mirrored dashboard","description_kind":"plain","optional":true},"name_override":{"type":"string","description":"String that provides a name override for a mirrored dashboard","description_kind":"plain","optional":true}},"block_types":{"filter_override":{"nesting_mode":"set","block":{"attributes":{"negated":{"type":"bool","description":"(false by default) Whether this filter should be a \"not\" filter","description_kind":"plain","optional":true},"property":{"type":"string","description":"A metric time series dimension or property name","description_kind":"plain","required":true},"values":{"type":["set","string"],"description":"List of strings (which will be treated as an OR filter on the property)","description_kind":"plain","required":true}},"description":"Filter to apply to each chart in the dashboard","description_kind":"plain"}},"variable_override":{"nesting_mode":"set","block":{"attributes":{"property":{"type":"string","description":"A metric time series dimension or property name","description_kind":"plain","required":true},"values":{"type":["set","string"],"description":"List of strings (which will be treated as an OR filter on the property)","description_kind":"plain","optional":true},"values_suggested":{"type":["set","string"],"description":"A list of strings of suggested values for this variable; these suggestions will receive priority when values are autosuggested for this variable","description_kind":"plain","optional":true}},"description":"Dashboard variable to apply to each chart in the dashboard","description_kind":"plain"}}},"description":"Dashboard IDs that are members of this dashboard group. Also handles 'mirrored' dashboards.","description_kind":"plain"}},"import_qualifier":{"nesting_mode":"set","block":{"attributes":{"metric":{"type":"string","description_kind":"plain","optional":true}},"block_types":{"filters":{"nesting_mode":"set","block":{"attributes":{"negated":{"type":"bool","description":"(false by default) Whether this filter should be a \"not\" filter","description_kind":"plain","optional":true},"property":{"type":"string","description":"A metric time series dimension or property name","description_kind":"plain","required":true},"values":{"type":["set","string"],"description":"List of strings (which will be treated as an OR filter on the property)","description_kind":"plain","required":true}},"description":"Filter to apply to each chart in the dashboard","description_kind":"plain"}}},"description_kind":"plain"}}},"description_kind":"plain"}},"signalfx_data_link":{"version":0,"block":{"attributes":{"context_dashboard_id":{"type":"string","description":"The dashobard ID to which this data link will be applied","description_kind":"plain","optional":true},"id":{"type":"string","description_kind":"plain","optional":true,"computed":true},"property_name":{"type":"string","description":"Name (key) of the metadata that's the trigger of a data link. If you specify `property_value`, you must specify `property_name`.","description_kind":"plain","optional":true},"property_value":{"type":"string","description":"Value of the metadata that's the trigger of a data link. If you specify this property, you must also specify `property_name`.","description_kind":"plain","optional":true}},"block_types":{"target_external_url":{"nesting_mode":"set","block":{"attributes":{"minimum_time_window":{"type":"string","description":"The minimum time window for a search sent to an external site. Depends on the value set for `time_format`.","description_kind":"plain","optional":true},"name":{"type":"string","description":"User-assigned target name. Use this value to differentiate between the link targets for a data link object.","description_kind":"plain","required":true},"property_key_mapping":{"type":["map","string"],"description":"Describes the relationship between SignalFx metadata keys and external system properties when the key names are different","description_kind":"plain","optional":true},"time_format":{"type":"string","description":"Designates the format of minimumTimeWindow in the same data link target object.","description_kind":"plain","optional":true},"url":{"type":"string","description":"URL string for a Splunk instance or external system data link target.","description_kind":"plain","required":true}},"description":"Link to an external URL","description_kind":"plain"}},"target_signalfx_dashboard":{"nesting_mode":"set","block":{"attributes":{"dashboard_group_id":{"type":"string","description":"SignalFx-assigned ID of the dashboard link target's dashboard group","description_kind":"plain","required":true},"dashboard_id":{"type":"string","description":"SignalFx-assigned ID of the dashboard link target","description_kind":"plain","required":true},"is_default":{"type":"bool","description":"Flag that designates a target as the default for a data link object.","description_kind":"plain","optional":true},"name":{"type":"string","description":"User-assigned target name. Use this value to differentiate between the link targets for a data link object.","description_kind":"plain","required":true}},"description":"Link to a SignalFx dashboard","description_kind":"plain"}},"target_splunk":{"nesting_mode":"set","block":{"attributes":{"name":{"type":"string","description":"User-assigned target name. Use this value to differentiate between the link targets for a data link object.","description_kind":"plain","required":true},"property_key_mapping":{"type":["map","string"],"description":"Describes the relationship between SignalFx metadata keys and external system properties when the key names are different","description_kind":"plain","optional":true}},"description":"Link to a Splunk instance","description_kind":"plain"}}},"description_kind":"plain"}},"signalfx_detector":{"version":1,"block":{"attributes":{"authorized_writer_teams":{"type":["set","string"],"description":"Team IDs that have write access to this dashboard","description_kind":"plain","optional":true},"authorized_writer_users":{"type":["set","string"],"description":"User IDs that have write access to this dashboard","description_kind":"plain","optional":true},"description":{"type":"string","description":"Description of the detector","description_kind":"plain","optional":true},"disable_sampling":{"type":"bool","description":"(false by default) When false, samples a subset of the output MTS in the visualization.","description_kind":"plain","optional":true},"end_time":{"type":"number","description":"Seconds since epoch. Used for visualization","description_kind":"plain","optional":true},"id":{"type":"string","description_kind":"plain","optional":true,"computed":true},"max_delay":{"type":"number","description":"Maximum time (in seconds) to wait for late datapoints. Max value is 900 (15m)","description_kind":"plain","optional":true},"min_delay":{"type":"number","description":"Minimum time (in seconds) for the computation to wait even if the datapoints are arriving in a timely fashion. Max value is 900 (15m)","description_kind":"plain","optional":true},"name":{"type":"string","description":"Name of the detector","description_kind":"plain","required":true},"program_text":{"type":"string","description":"Signalflow program text for the detector. More info at \"https://developers.signalfx.com/docs/signalflow-overview\"","description_kind":"plain","required":true},"show_data_markers":{"type":"bool","description":"(true by default) When true, markers will be drawn for each datapoint within the visualization.","description_kind":"plain","optional":true},"show_event_lines":{"type":"bool","description":"(false by default) When true, vertical lines will be drawn for each triggered event within the visualization.","description_kind":"plain","optional":true},"start_time":{"type":"number","description":"Seconds since epoch. Used for visualization","description_kind":"plain","optional":true},"tags":{"type":["set","string"],"description":"Tags associated with the detector","description_kind":"plain","optional":true},"teams":{"type":["list","string"],"description":"Team IDs to associate the detector to","description_kind":"plain","optional":true},"time_range":{"type":"number","description":"Seconds to display in the visualization. This is a rolling range from the current time. Example: 3600 = `-1h`. Defaults to 3600","description_kind":"plain","optional":true},"timezone":{"type":"string","description":"The property value is a string that denotes the geographic region associated with the time zone, (e.g. Australia/Sydney)","description_kind":"plain","optional":true},"url":{"type":"string","description":"URL of the detector","description_kind":"plain","computed":true}},"block_types":{"rule":{"nesting_mode":"set","block":{"attributes":{"description":{"type":"string","description":"Description of the rule","description_kind":"plain","optional":true},"detect_label":{"type":"string","description":"A detect label which matches a detect label within the program text","description_kind":"plain","required":true},"disabled":{"type":"bool","description":"(default: false) When true, notifications and events will not be generated for the detect label","description_kind":"plain","optional":true},"notifications":{"type":["list","string"],"description":"List of strings specifying where notifications will be sent when an incident occurs. See https://developers.signalfx.com/v2/docs/detector-model#notifications-models for more info","description_kind":"plain","optional":true},"parameterized_body":{"type":"string","description":"Custom notification message body when an alert is triggered. See https://developers.signalfx.com/v2/reference#detector-model for more info","description_kind":"plain","optional":true},"parameterized_subject":{"type":"string","description":"Custom notification message subject when an alert is triggered. See https://d    evelopers.signalfx.com/v2/reference#detector-model for more info","description_kind":"plain","optional":true},"runbook_url":{"type":"string","description":"URL of page to consult when an alert is triggered","description_kind":"plain","optional":true},"severity":{"type":"string","description":"The severity of the rule, must be one of: Critical, Warning, Major, Minor, Info","description_kind":"plain","required":true},"tip":{"type":"string","description":"Plain text suggested first course of action, such as a command to execute.","description_kind":"plain","optional":true}},"description":"Set of rules used for alerting","description_kind":"plain"},"min_items":1},"viz_options":{"nesting_mode":"set","block":{"attributes":{"color":{"type":"string","description":"Color to use","description_kind":"plain","optional":true},"display_name":{"type":"string","description":"Specifies an alternate value for the Plot Name column of the Data Table associated with the chart.","description_kind":"plain","optional":true},"label":{"type":"string","description":"The label used in the publish statement that displays the plot (metric time series data) you want to customize","description_kind":"plain","required":true},"value_prefix":{"type":"string","description":"An arbitrary prefix to display with the value of this plot","description_kind":"plain","optional":true},"value_suffix":{"type":"string","description":"An arbitrary suffix to display with the value of this plot","description_kind":"plain","optional":true},"value_unit":{"type":"string","description":"A unit to attach to this plot. Units support automatic scaling (eg thousands of bytes will be displayed as kilobytes)","description_kind":"plain","optional":true}},"description":"Plot-level customization options, associated with a publish statement","description_kind":"plain"}}},"description_kind":"plain"}},"signalfx_event_feed_chart":{"version":0,"block":{"attributes":{"description":{"type":"string","description":"Description of the chart (Optional)","description_kind":"plain","optional":true},"end_time":{"type":"number","description":"Seconds since epoch to end the visualization","description_kind":"plain","optional":true},"id":{"type":"string","description_kind":"plain","optional":true,"computed":true},"name":{"type":"string","description":"Name of the chart","description_kind":"plain","required":true},"program_text":{"type":"string","description":"Signalflow program text for the chart. More info at \"https://developers.signalfx.com/docs/signalflow-overview\"","description_kind":"plain","required":true},"start_time":{"type":"number","description":"Seconds since epoch to start the visualization","description_kind":"plain","optional":true},"time_range":{"type":"number","description":"Seconds to display in the visualization. This is a rolling range from the current time. Example: 3600 = `-1h`","description_kind":"plain","optional":true},"url":{"type":"string","description":"URL of the chart","description_kind":"plain","computed":true}},"description_kind":"plain"}},"signalfx_gcp_integration":{"version":0,"block":{"attributes":{"enabled":{"type":"bool","description":"Whether the integration is enabled or not","description_kind":"plain","required":true},"id":{"type":"string","description_kind":"plain","optional":true,"computed":true},"name":{"type":"string","description":"Name of the integration","description_kind":"plain","required":true},"named_token":{"type":"string","description":"A named token to use for ingest","description_kind":"plain","optional":true},"poll_rate":{"type":"number","description":"GCP poll rate","description_kind":"plain","optional":true},"services":{"type":["set","string"],"description":"GCP enabled services","description_kind":"plain","optional":true},"whitelist":{"type":["set","string"],"description":"Compute Metadata Whitelist","description_kind":"plain","optional":true}},"block_types":{"project_service_keys":{"nesting_mode":"set","block":{"attributes":{"project_id":{"type":"string","description_kind":"plain","required":true},"project_key":{"type":"string","description_kind":"plain","required":true,"sensitive":true}},"description":"GCP project service keys","description_kind":"plain"}}},"description_kind":"plain"}},"signalfx_heatmap_chart":{"version":0,"block":{"attributes":{"description":{"type":"string","description":"Description of the chart (Optional)","description_kind":"plain","optional":true},"disable_sampling":{"type":"bool","description":"(false by default) If false, samples a subset of the output MTS, which improves UI performance","description_kind":"plain","optional":true},"group_by":{"type":["list","string"],"description":"Properties to group by in the heatmap (in nesting order)","description_kind":"plain","optional":true},"hide_timestamp":{"type":"bool","description":"(false by default) Whether to show the timestamp in the chart","description_kind":"plain","optional":true},"id":{"type":"string","description_kind":"plain","optional":true,"computed":true},"max_delay":{"type":"number","description":"How long (in seconds) to wait for late datapoints","description_kind":"plain","optional":true},"minimum_resolution":{"type":"number","description":"The minimum resolution (in seconds) to use for computing the underlying program","description_kind":"plain","optional":true},"name":{"type":"string","description":"Name of the chart","description_kind":"plain","required":true},"program_text":{"type":"string","description":"Signalflow program text for the chart. More info at \"https://developers.signalfx.com/docs/signalflow-overview\"","description_kind":"plain","required":true},"refresh_interval":{"type":"number","description":"How often (in seconds) to refresh the values of the heatmap","description_kind":"plain","optional":true},"sort_by":{"type":"string","description":"The property to use when sorting the elements. Must be prepended with + for ascending or - for descending (e.g. -foo)","description_kind":"plain","optional":true},"timezone":{"type":"string","description":"The property value is a string that denotes the geographic region associated with the time zone, (e.g. Australia/Sydney)","description_kind":"plain","optional":true},"unit_prefix":{"type":"string","description":"(Metric by default) Must be \"Metric\" or \"Binary\"","description_kind":"plain","optional":true},"url":{"type":"string","description":"URL of the chart","description_kind":"plain","computed":true}},"block_types":{"color_range":{"nesting_mode":"set","block":{"attributes":{"color":{"type":"string","description":"The color range to use. The starting hex color value for data values in a heatmap chart. Specify the value as a 6-character hexadecimal value preceded by the '#' character, for example \"#ea1849\" (grass green).","description_kind":"plain","required":true},"max_value":{"type":"number","description":"The maximum value within the coloring range","description_kind":"plain","optional":true},"min_value":{"type":"number","description":"The minimum value within the coloring range","description_kind":"plain","optional":true}},"description":"Values and color for the color range. Example: colorRange : { min : 0, max : 100, color : \"#0000ff\" }","description_kind":"plain"},"max_items":1},"color_scale":{"nesting_mode":"set","block":{"attributes":{"color":{"type":"string","description":"The color to use. Must be one of gray, blue, light_blue, navy, dark_orange, orange, dark_yellow, magenta, cerise, pink, violet, purple, gray_blue, dark_green, green, aquamarine, red, yellow, vivid_yellow, light_green, or lime_green.","description_kind":"plain","required":true},"gt":{"type":"number","description":"Indicates the lower threshold non-inclusive value for this range","description_kind":"plain","optional":true},"gte":{"type":"number","description":"Indicates the lower threshold inclusive value for this range","description_kind":"plain","optional":true},"lt":{"type":"number","description":"Indicates the upper threshold non-inculsive value for this range","description_kind":"plain","optional":true},"lte":{"type":"number","description":"Indicates the upper threshold inclusive value for this range","description_kind":"plain","optional":true}},"description":"Single color range including both the color to display for that range and the borders of the range","description_kind":"plain"}}},"description_kind":"plain"}},"signalfx_jira_integration":{"version":0,"block":{"attributes":{"api_token":{"type":"string","description":"The API token for the user email","description_kind":"plain","optional":true,"sensitive":true},"assignee_display_name":{"type":"string","description":"Jira display name for the assignee","description_kind":"plain","optional":true},"assignee_name":{"type":"string","description":"Jira user name for the assignee","description_kind":"plain","required":true},"auth_method":{"type":"string","description":"Authentication method used when creating the Jira integration. One of `EmailAndToken` or `UsernameAndPassword`","description_kind":"plain","required":true},"base_url":{"type":"string","description":"Base URL of the Jira instance that's integrated with SignalFx.","description_kind":"plain","required":true},"enabled":{"type":"bool","description":"Whether the integration is enabled or not","description_kind":"plain","required":true},"id":{"type":"string","description_kind":"plain","optional":true,"computed":true},"issue_type":{"type":"string","description":"Issue type (for example, Story) for tickets that Jira creates for detector notifications. SignalFx validates issue types, so you must specify a type that's valid for the Jira project specified in `projectKey`.","description_kind":"plain","required":true},"name":{"type":"string","description":"Name of the integration","description_kind":"plain","required":true},"password":{"type":"string","description":"Password used to authenticate the Jira integration.","description_kind":"plain","optional":true,"sensitive":true},"project_key":{"type":"string","description":"Jira key of an existing project. When Jira creates a new ticket for a detector notification, the ticket is assigned to this project.","description_kind":"plain","required":true},"user_email":{"type":"string","description":"Email address used to authenticate the Jira integration.","description_kind":"plain","optional":true},"username":{"type":"string","description":"User name used to authenticate the Jira integration.","description_kind":"plain","optional":true}},"description_kind":"plain"}},"signalfx_list_chart":{"version":0,"block":{"attributes":{"color_by":{"type":"string","description":"(Metric by default) Must be \"Scale\", \"Metric\" or \"Dimension\"","description_kind":"plain","optional":true},"description":{"type":"string","description":"Description of the chart (Optional)","description_kind":"plain","optional":true},"disable_sampling":{"type":"bool","description":"(false by default) If false, samples a subset of the output MTS, which improves UI performance","description_kind":"plain","optional":true},"end_time":{"type":"number","description":"Seconds since epoch to end the visualization","description_kind":"plain","optional":true},"hide_missing_values":{"type":"bool","description":"(false by default) If `true`, missing data points in the chart would be hidden","description_kind":"plain","optional":true},"id":{"type":"string","description_kind":"plain","optional":true,"computed":true},"legend_fields_to_hide":{"type":["set","string"],"description":"List of properties that shouldn't be displayed in the chart legend (i.e. dimension names)","description_kind":"plain","deprecated":true,"optional":true},"max_delay":{"type":"number","description":"How long (in seconds) to wait for late datapoints","description_kind":"plain","optional":true},"max_precision":{"type":"number","description":"Maximum number of digits to display when rounding values up or down","description_kind":"plain","optional":true},"name":{"type":"string","description":"Name of the chart","description_kind":"plain","required":true},"program_text":{"type":"string","description":"Signalflow program text for the chart. More info at \"https://developers.signalfx.com/docs/signalflow-overview\"","description_kind":"plain","required":true},"refresh_interval":{"type":"number","description":"How often (in seconds) to refresh the values of the list","description_kind":"plain","optional":true},"secondary_visualization":{"type":"string","description":"(false by default) What kind of secondary visualization to show (None, Radial, Linear, Sparkline)","description_kind":"plain","optional":true},"sort_by":{"type":"string","description":"The property to use when sorting the elements. Use 'value' if you want to sort by value. Must be prepended with + for ascending or - for descending (e.g. -foo)","description_kind":"plain","optional":true},"start_time":{"type":"number","description":"Seconds since epoch to start the visualization","description_kind":"plain","optional":true},"time_range":{"type":"number","description":"Seconds to display in the visualization. This is a rolling range from the current time. Example: 3600 = `-1h`","description_kind":"plain","optional":true},"timezone":{"type":"string","description":"The property value is a string that denotes the geographic region associated with the time zone, (e.g. Australia/Sydney)","description_kind":"plain","optional":true},"unit_prefix":{"type":"string","description":"(Metric by default) Must be \"Metric\" or \"Binary\"","description_kind":"plain","optional":true},"url":{"type":"string","description":"URL of the chart","description_kind":"plain","computed":true}},"block_types":{"color_scale":{"nesting_mode":"set","block":{"attributes":{"color":{"type":"string","description":"The color to use. Must be one of gray, blue, light_blue, navy, dark_orange, orange, dark_yellow, magenta, cerise, pink, violet, purple, gray_blue, dark_green, green, aquamarine, red, yellow, vivid_yellow, light_green, or lime_green.","description_kind":"plain","required":true},"gt":{"type":"number","description":"Indicates the lower threshold non-inclusive value for this range","description_kind":"plain","optional":true},"gte":{"type":"number","description":"Indicates the lower threshold inclusive value for this range","description_kind":"plain","optional":true},"lt":{"type":"number","description":"Indicates the upper threshold non-inculsive value for this range","description_kind":"plain","optional":true},"lte":{"type":"number","description":"Indicates the upper threshold inclusive value for this range","description_kind":"plain","optional":true}},"description":"Single color range including both the color to display for that range and the borders of the range","description_kind":"plain"}},"legend_options_fields":{"nesting_mode":"list","block":{"attributes":{"enabled":{"type":"bool","description":"(true by default) Determines if this property is displayed in the data table.","description_kind":"plain","optional":true},"property":{"type":"string","description":"The name of a property to hide or show in the data table.","description_kind":"plain","required":true}},"description":"List of property and enabled flags to control the order and presence of datatable labels in a chart.","description_kind":"plain"}},"viz_options":{"nesting_mode":"set","block":{"attributes":{"color":{"type":"string","description":"Color to use","description_kind":"plain","optional":true},"display_name":{"type":"string","description":"Specifies an alternate value for the Plot Name column of the Data Table associated with the chart.","description_kind":"plain","optional":true},"label":{"type":"string","description":"The label used in the publish statement that displays the plot (metric time series data) you want to customize","description_kind":"plain","required":true},"value_prefix":{"type":"string","description":"An arbitrary prefix to display with the value of this plot","description_kind":"plain","optional":true},"value_suffix":{"type":"string","description":"An arbitrary suffix to display with the value of this plot","description_kind":"plain","optional":true},"value_unit":{"type":"string","description":"A unit to attach to this plot. Units support automatic scaling (eg thousands of bytes will be displayed as kilobytes)","description_kind":"plain","optional":true}},"description":"Plot-level customization options, associated with a publish statement","description_kind":"plain"}}},"description_kind":"plain"}},"signalfx_opsgenie_integration":{"version":0,"block":{"attributes":{"api_key":{"type":"string","description":"Opsgenie API key","description_kind":"plain","required":true,"sensitive":true},"api_url":{"type":"string","description":"Opsgenie API URL for integration","description_kind":"plain","optional":true},"enabled":{"type":"bool","description":"Whether the integration is enabled or not","description_kind":"plain","required":true},"id":{"type":"string","description_kind":"plain","optional":true,"computed":true},"name":{"type":"string","description":"Name of the integration","description_kind":"plain","required":true}},"description_kind":"plain"}},"signalfx_org_token":{"version":0,"block":{"attributes":{"description":{"type":"string","description":"Description of the token (Optional)","description_kind":"plain","optional":true},"disabled":{"type":"bool","description":"Flag that controls enabling the token. If set to `true`, the token is disabled, and you can't use it for authentication. Defaults to `false`","description_kind":"plain","optional":true},"id":{"type":"string","description_kind":"plain","optional":true,"computed":true},"name":{"type":"string","description":"Name of the token","description_kind":"plain","required":true},"notifications":{"type":["list","string"],"description":"List of strings specifying where notifications will be sent when an incident occurs. See https://developers.signalfx.com/v2/docs/detector-model#notifications-models for more info","description_kind":"plain","optional":true},"secret":{"type":"string","description_kind":"plain","computed":true,"sensitive":true}},"block_types":{"dpm_limits":{"nesting_mode":"set","block":{"attributes":{"dpm_limit":{"type":"number","description":"The datapoints per minute (dpm) limit for this token. If you exceed this limit, SignalFx sends out an alert.","description_kind":"plain","required":true},"dpm_notification_threshold":{"type":"number","description":"DPM level at which SignalFx sends the notification for this token. If you don't specify a notification, SignalFx sends the generic notification.","description_kind":"plain","optional":true}},"description_kind":"plain"},"max_items":1},"host_or_usage_limits":{"nesting_mode":"set","block":{"attributes":{"container_limit":{"type":"number","description":"Max number of containers that can use this token","description_kind":"plain","optional":true},"container_notification_threshold":{"type":"number","description":"Notification threshold for containers","description_kind":"plain","optional":true},"custom_metrics_limit":{"type":"number","description":"Max number of custom metrics that can be sent with this token","description_kind":"plain","optional":true},"custom_metrics_notification_threshold":{"type":"number","description":"Notification threshold for custom metrics","description_kind":"plain","optional":true},"high_res_metrics_limit":{"type":"number","description":"Max number of high-res metrics that can be sent with this token","description_kind":"plain","optional":true},"high_res_metrics_notification_threshold":{"type":"number","description":"Notification threshold for high-res metrics","description_kind":"plain","optional":true},"host_limit":{"type":"number","description":"Max number of hosts that can use this token","description_kind":"plain","optional":true},"host_notification_threshold":{"type":"number","description":"Notification threshold for hosts","description_kind":"plain","optional":true}},"description_kind":"plain"},"max_items":1}},"description_kind":"plain"}},"signalfx_pagerduty_integration":{"version":0,"block":{"attributes":{"api_key":{"type":"string","description":"PagerDuty API key","description_kind":"plain","optional":true,"sensitive":true},"enabled":{"type":"bool","description":"Whether the integration is enabled or not","description_kind":"plain","required":true},"id":{"type":"string","description_kind":"plain","optional":true,"computed":true},"name":{"type":"string","description":"Name of the integration","description_kind":"plain","required":true}},"description_kind":"plain"}},"signalfx_single_value_chart":{"version":0,"block":{"attributes":{"color_by":{"type":"string","description":"(Metric by default) Must be \"Metric\", \"Dimension\", or \"Scale\". \"Scale\" maps to Color by Value in the UI","description_kind":"plain","optional":true},"description":{"type":"string","description":"Description of the chart (Optional)","description_kind":"plain","optional":true},"id":{"type":"string","description_kind":"plain","optional":true,"computed":true},"is_timestamp_hidden":{"type":"bool","description":"(false by default) Whether to hide the timestamp in the chart","description_kind":"plain","optional":true},"max_delay":{"type":"number","description":"How long (in seconds) to wait for late datapoints","description_kind":"plain","optional":true},"max_precision":{"type":"number","description":"The maximum precision to for values displayed in the list","description_kind":"plain","optional":true},"name":{"type":"string","description":"Name of the chart","description_kind":"plain","required":true},"program_text":{"type":"string","description":"Signalflow program text for the chart. More info at \"https://developers.signalfx.com/docs/signalflow-overview\"","description_kind":"plain","required":true},"refresh_interval":{"type":"number","description":"How often (in seconds) to refresh the values of the list","description_kind":"plain","optional":true},"secondary_visualization":{"type":"string","description":"(false by default) What kind of secondary visualization to show (None, Radial, Linear, Sparkline)","description_kind":"plain","optional":true},"show_spark_line":{"type":"bool","description":"(false by default) Whether to show a trend line below the current value","description_kind":"plain","optional":true},"timezone":{"type":"string","description":"The property value is a string that denotes the geographic region associated with the time zone, (e.g. Australia/Sydney)","description_kind":"plain","optional":true},"unit_prefix":{"type":"string","description":"(Metric by default) Must be \"Metric\" or \"Binary\"","description_kind":"plain","optional":true},"url":{"type":"string","description":"URL of the chart","description_kind":"plain","computed":true}},"block_types":{"color_scale":{"nesting_mode":"set","block":{"attributes":{"color":{"type":"string","description":"The color to use. Must be one of gray, blue, light_blue, navy, dark_orange, orange, dark_yellow, magenta, cerise, pink, violet, purple, gray_blue, dark_green, green, aquamarine, red, yellow, vivid_yellow, light_green, or lime_green.","description_kind":"plain","required":true},"gt":{"type":"number","description":"Indicates the lower threshold non-inclusive value for this range","description_kind":"plain","optional":true},"gte":{"type":"number","description":"Indicates the lower threshold inclusive value for this range","description_kind":"plain","optional":true},"lt":{"type":"number","description":"Indicates the upper threshold non-inculsive value for this range","description_kind":"plain","optional":true},"lte":{"type":"number","description":"Indicates the upper threshold inclusive value for this range","description_kind":"plain","optional":true}},"description":"Single color range including both the color to display for that range and the borders of the range","description_kind":"plain"}},"viz_options":{"nesting_mode":"set","block":{"attributes":{"color":{"type":"string","description":"Color to use","description_kind":"plain","optional":true},"display_name":{"type":"string","description":"Specifies an alternate value for the Plot Name column of the Data Table associated with the chart.","description_kind":"plain","optional":true},"label":{"type":"string","description":"The label used in the publish statement that displays the plot (metric time series data) you want to customize","description_kind":"plain","required":true},"value_prefix":{"type":"string","description":"An arbitrary prefix to display with the value of this plot","description_kind":"plain","optional":true},"value_suffix":{"type":"string","description":"An arbitrary suffix to display with the value of this plot","description_kind":"plain","optional":true},"value_unit":{"type":"string","description":"A unit to attach to this plot. Units support automatic scaling (eg thousands of bytes will be displayed as kilobytes)","description_kind":"plain","optional":true}},"description":"Plot-level customization options, associated with a publish statement","description_kind":"plain"}}},"description_kind":"plain"}},"signalfx_slack_integration":{"version":0,"block":{"attributes":{"enabled":{"type":"bool","description":"Whether the integration is enabled or not","description_kind":"plain","required":true},"id":{"type":"string","description_kind":"plain","optional":true,"computed":true},"name":{"type":"string","description":"Name of the integration","description_kind":"plain","required":true},"webhook_url":{"type":"string","description":"Slack Webhook URL for integration","description_kind":"plain","required":true,"sensitive":true}},"description_kind":"plain"}},"signalfx_team":{"version":0,"block":{"attributes":{"description":{"type":"string","description":"Description of the team (Optional)","description_kind":"plain","optional":true},"id":{"type":"string","description_kind":"plain","optional":true,"computed":true},"members":{"type":["set","string"],"description":"Members of team","description_kind":"plain","optional":true},"name":{"type":"string","description":"Name of the team","description_kind":"plain","required":true},"notifications_critical":{"type":["list","string"],"description":"List of notification destinations to use for the critical alerts category.","description_kind":"plain","optional":true},"notifications_default":{"type":["list","string"],"description":"List of notification destinations to use for the default alerts category.","description_kind":"plain","optional":true},"notifications_info":{"type":["list","string"],"description":"List of notification destinations to use for the info alerts category.","description_kind":"plain","optional":true},"notifications_major":{"type":["list","string"],"description":"List of notification destinations to use for the major alerts category.","description_kind":"plain","optional":true},"notifications_minor":{"type":["list","string"],"description":"List of notification destinations to use for the minor alerts category.","description_kind":"plain","optional":true},"notifications_warning":{"type":["list","string"],"description":"List of notification destinations to use for the warning alerts category.","description_kind":"plain","optional":true},"url":{"type":"string","description":"URL of the team","description_kind":"plain","computed":true}},"description_kind":"plain"}},"signalfx_text_chart":{"version":0,"block":{"attributes":{"description":{"type":"string","description":"Description of the chart (Optional)","description_kind":"plain","optional":true},"id":{"type":"string","description_kind":"plain","optional":true,"computed":true},"markdown":{"type":"string","description":"Markdown text to display. More info at: https://github.com/adam-p/markdown-here/wiki/Markdown-Cheatsheet","description_kind":"plain","required":true},"name":{"type":"string","description":"Name of the chart","description_kind":"plain","required":true},"url":{"type":"string","description":"URL of the chart","description_kind":"plain","computed":true}},"description_kind":"plain"}},"signalfx_time_chart":{"version":1,"block":{"attributes":{"axes_include_zero":{"type":"bool","description":"Force y-axes to always show zero","description_kind":"plain","optional":true},"axes_precision":{"type":"number","description":"Force a specific number of significant digits in the y-axis","description_kind":"plain","optional":true},"color_by":{"type":"string","description":"(Dimension by default) Must be \"Dimension\" or \"Metric\"","description_kind":"plain","optional":true},"description":{"type":"string","description":"Description of the chart","description_kind":"plain","optional":true},"disable_sampling":{"type":"bool","description":"(false by default) If false, samples a subset of the output MTS, which improves UI performance","description_kind":"plain","optional":true},"end_time":{"type":"number","description":"Seconds since epoch to end the visualization","description_kind":"plain","optional":true},"id":{"type":"string","description_kind":"plain","optional":true,"computed":true},"legend_fields_to_hide":{"type":["set","string"],"description":"List of properties that shouldn't be displayed in the chart legend (i.e. dimension names)","description_kind":"plain","deprecated":true,"optional":true},"max_delay":{"type":"number","description":"How long (in seconds) to wait for late datapoints","description_kind":"plain","optional":true},"minimum_resolution":{"type":"number","description":"The minimum resolution (in seconds) to use for computing the underlying program","description_kind":"plain","optional":true},"name":{"type":"string","description":"Name of the chart","description_kind":"plain","required":true},"on_chart_legend_dimension":{"type":"string","description":"Dimension to show in the on-chart legend. On-chart legend is off unless a dimension is specified. Allowed: 'metric', 'plot_label' and any dimension.","description_kind":"plain","optional":true},"plot_type":{"type":"string","description":"(LineChart by default) The default plot display style for the visualization. Must be \"LineChart\", \"AreaChart\", \"ColumnChart\", or \"Histogram\"","description_kind":"plain","optional":true},"program_text":{"type":"string","description":"Signalflow program text for the chart. More info at \"https://developers.signalfx.com/docs/signalflow-overview\"","description_kind":"plain","required":true},"show_data_markers":{"type":"bool","description":"(false by default) Show markers (circles) for each datapoint used to draw line or area charts","description_kind":"plain","optional":true},"show_event_lines":{"type":"bool","description":"(false by default) Whether vertical highlight lines should be drawn in the visualizations at times when events occurred","description_kind":"plain","optional":true},"stacked":{"type":"bool","description":"(false by default) Whether area and bar charts in the visualization should be stacked","description_kind":"plain","optional":true},"start_time":{"type":"number","description":"Seconds since epoch to start the visualization","description_kind":"plain","optional":true},"tags":{"type":["list","string"],"description":"Tags associated with the chart","description_kind":"plain","deprecated":true,"optional":true},"time_range":{"type":"number","description":"Seconds to display in the visualization. This is a rolling range from the current time. Example: 3600 = `-1h`","description_kind":"plain","optional":true},"timezone":{"type":"string","description":"The property value is a string that denotes the geographic region associated with the time zone, (e.g. Australia/Sydney)","description_kind":"plain","optional":true},"unit_prefix":{"type":"string","description":"(Metric by default) Must be \"Metric\" or \"Binary\"","description_kind":"plain","optional":true},"url":{"type":"string","description":"URL of the chart","description_kind":"plain","computed":true}},"block_types":{"axis_left":{"nesting_mode":"set","block":{"attributes":{"high_watermark":{"type":"number","description":"A line to draw as a high watermark","description_kind":"plain","optional":true},"high_watermark_label":{"type":"string","description":"A label to attach to the high watermark line","description_kind":"plain","optional":true},"label":{"type":"string","description":"Label of the left axis","description_kind":"plain","optional":true},"low_watermark":{"type":"number","description":"A line to draw as a low watermark","description_kind":"plain","optional":true},"low_watermark_label":{"type":"string","description":"A label to attach to the low watermark line","description_kind":"plain","optional":true},"max_value":{"type":"number","description":"The maximum value for the left axis","description_kind":"plain","optional":true},"min_value":{"type":"number","description":"The minimum value for the left axis","description_kind":"plain","optional":true}},"block_types":{"watermarks":{"nesting_mode":"set","block":{"attributes":{"label":{"type":"string","description":"Label to display associated with the watermark line","description_kind":"plain","optional":true},"value":{"type":"number","description":"Axis value where the watermark line will be displayed","description_kind":"plain","required":true}},"description_kind":"plain"}}},"description_kind":"plain"},"max_items":1},"axis_right":{"nesting_mode":"set","block":{"attributes":{"high_watermark":{"type":"number","description":"A line to draw as a high watermark","description_kind":"plain","optional":true},"high_watermark_label":{"type":"string","description":"A label to attach to the high watermark line","description_kind":"plain","optional":true},"label":{"type":"string","description":"Label of the right axis","description_kind":"plain","optional":true},"low_watermark":{"type":"number","description":"A line to draw as a low watermark","description_kind":"plain","optional":true},"low_watermark_label":{"type":"string","description":"A label to attach to the low watermark line","description_kind":"plain","optional":true},"max_value":{"type":"number","description":"The maximum value for the right axis","description_kind":"plain","optional":true},"min_value":{"type":"number","description":"The minimum value for the right axis","description_kind":"plain","optional":true}},"block_types":{"watermarks":{"nesting_mode":"set","block":{"attributes":{"label":{"type":"string","description":"Label to display associated with the watermark line","description_kind":"plain","optional":true},"value":{"type":"number","description":"Axis value where the watermark line will be displayed","description_kind":"plain","required":true}},"description_kind":"plain"}}},"description_kind":"plain"},"max_items":1},"event_options":{"nesting_mode":"set","block":{"attributes":{"color":{"type":"string","description":"Color to use","description_kind":"plain","optional":true},"display_name":{"type":"string","description":"Specifies an alternate value for the Plot Name column of the Data Table associated with the chart.","description_kind":"plain","optional":true},"label":{"type":"string","description":"The label used in the publish statement that displays the events you want to customize","description_kind":"plain","required":true}},"description":"Event display customization options, associated with a publish statement","description_kind":"plain"}},"histogram_options":{"nesting_mode":"list","block":{"attributes":{"color_theme":{"type":"string","description":"Base color theme to use for the graph.","description_kind":"plain","optional":true}},"description":"Options specific to Histogram charts","description_kind":"plain"}},"legend_options_fields":{"nesting_mode":"list","block":{"attributes":{"enabled":{"type":"bool","description":"(true by default) Determines if this property is displayed in the data table.","description_kind":"plain","optional":true},"property":{"type":"string","description":"The name of a property to hide or show in the data table.","description_kind":"plain","required":true}},"description":"List of property and enabled flags to control the order and presence of datatable labels in a chart.","description_kind":"plain"}},"viz_options":{"nesting_mode":"set","block":{"attributes":{"axis":{"type":"string","description":"The Y-axis associated with values for this plot. Must be either \"right\" or \"left\". Defaults to \"left\".","description_kind":"plain","optional":true},"color":{"type":"string","description":"Color to use","description_kind":"plain","optional":true},"display_name":{"type":"string","description":"Specifies an alternate value for the Plot Name column of the Data Table associated with the chart.","description_kind":"plain","optional":true},"label":{"type":"string","description":"The label used in the publish statement that displays the plot (metric time series data) you want to customize","description_kind":"plain","required":true},"plot_type":{"type":"string","description":"(Chart plot_type by default) The visualization style to use. Must be \"LineChart\", \"AreaChart\", \"ColumnChart\", or \"Histogram\"","description_kind":"plain","optional":true},"value_prefix":{"type":"string","description":"An arbitrary prefix to display with the value of this plot","description_kind":"plain","optional":true},"value_suffix":{"type":"string","description":"An arbitrary suffix to display with the value of this plot","description_kind":"plain","optional":true},"value_unit":{"type":"string","description":"A unit to attach to this plot. Units support automatic scaling (eg thousands of bytes will be displayed as kilobytes)","description_kind":"plain","optional":true}},"description":"Plot-level customization options, associated with a publish statement","description_kind":"plain"}}},"description_kind":"plain"}},"signalfx_victor_ops_integration":{"version":0,"block":{"attributes":{"enabled":{"type":"bool","description":"Whether the integration is enabled or not","description_kind":"plain","required":true},"id":{"type":"string","description_kind":"plain","optional":true,"computed":true},"name":{"type":"string","description":"Name of the integration","description_kind":"plain","required":true},"post_url":{"type":"string","description":"Opsgenie API URL for integration","description_kind":"plain","optional":true}},"description_kind":"plain"}},"signalfx_webhook_integration":{"version":0,"block":{"attributes":{"enabled":{"type":"bool","description":"Whether the integration is enabled or not","description_kind":"plain","required":true},"id":{"type":"string","description_kind":"plain","optional":true,"computed":true},"name":{"type":"string","description":"Name of the integration","description_kind":"plain","required":true},"shared_secret":{"type":"string","description_kind":"plain","optional":true,"sensitive":true},"url":{"type":"string","description":"Webhook URL","description_kind":"plain","optional":true}},"block_types":{"headers":{"nesting_mode":"set","block":{"attributes":{"header_key":{"type":"string","description_kind":"plain","required":true},"header_value":{"type":"string","description_kind":"plain","required":true,"sensitive":true}},"description":"HTTP headers to pass in the request","description_kind":"plain"}}},"description_kind":"plain"}}},"data_source_schemas":{"signalfx_aws_services":{"version":0,"block":{"attributes":{"id":{"type":"string","description_kind":"plain","optional":true,"computed":true}},"block_types":{"services":{"nesting_mode":"set","block":{"attributes":{"name":{"type":"string","description_kind":"plain","required":true}},"description_kind":"plain"}}},"description_kind":"plain"}},"signalfx_azure_services":{"version":0,"block":{"attributes":{"id":{"type":"string","description_kind":"plain","optional":true,"computed":true}},"block_types":{"services":{"nesting_mode":"set","block":{"attributes":{"name":{"type":"string","description_kind":"plain","required":true}},"description_kind":"plain"}}},"description_kind":"plain"}},"signalfx_dimension_values":{"version":0,"block":{"attributes":{"id":{"type":"string","description_kind":"plain","optional":true,"computed":true},"query":{"type":"string","description_kind":"plain","required":true},"values":{"type":["list","string"],"description_kind":"plain","computed":true}},"description_kind":"plain"}},"signalfx_gcp_services":{"version":0,"block":{"attributes":{"id":{"type":"string","description_kind":"plain","optional":true,"computed":true}},"block_types":{"services":{"nesting_mode":"set","block":{"attributes":{"name":{"type":"string","description_kind":"plain","required":true}},"description_kind":"plain"}}},"description_kind":"plain"}},"signalfx_pagerduty_integration":{"version":0,"block":{"attributes":{"enabled":{"type":"bool","description_kind":"plain","computed":true},"id":{"type":"string","description_kind":"plain","optional":true,"computed":true},"name":{"type":"string","description_kind":"plain","required":true}},"description_kind":"plain"}}}}}}
