{"format_version":"0.2","provider_schemas":{"registry.terraform.io/splunk/splunk":{"provider":{"version":0,"block":{"attributes":{"auth_token":{"type":"string","description":"Authentication tokens, also known as JSON Web Tokens (JWT), are a method for authenticating Splunk platform users into the Splunk platform","description_kind":"plain","optional":true},"insecure_skip_verify":{"type":"bool","description":"insecure skip verification flag","description_kind":"plain","optional":true},"password":{"type":"string","description":"Splunk instance password","description_kind":"plain","optional":true},"timeout":{"type":"number","description":"Timeout when making calls to Splunk server. Defaults to 60 seconds","description_kind":"plain","optional":true},"url":{"type":"string","description":"Splunk instance URL","description_kind":"plain","required":true},"username":{"type":"string","description":"Splunk instance admin username","description_kind":"plain","optional":true}},"description_kind":"plain"}},"resource_schemas":{"splunk_admin_saml_groups":{"version":0,"block":{"attributes":{"id":{"type":"string","description_kind":"plain","optional":true,"computed":true},"name":{"type":"string","description":"Required. The external group name.","description_kind":"plain","required":true},"roles":{"type":["list","string"],"description":"Required. List of internal roles assigned to group.","description_kind":"plain","optional":true,"computed":true}},"description_kind":"plain"}},"splunk_apps_local":{"version":0,"block":{"attributes":{"auth":{"type":"string","description":"Splunkbase session token for operations like install and update that require login. Use auth or session when installing or updating an app through Splunkbase.","description_kind":"plain","optional":true},"author":{"type":"string","description":"For apps posted to Splunkbase, use your Splunk account username. For internal apps, use your full name and contact information.","description_kind":"plain","optional":true,"computed":true},"configured":{"type":"bool","description":"Custom setup completion indicator.true = Custom app setup complete.false = Custom app setup not complete","description_kind":"plain","optional":true,"computed":true},"description":{"type":"string","description":"Short app description also displayed below the app title in Splunk Web Launcher.","description_kind":"plain","optional":true,"computed":true},"explicit_appname":{"type":"string","description":"Custom app name. Required when installing an app from a file where filename is set to true.","description_kind":"plain","optional":true},"filename":{"type":"bool","description":"Indicates whether to use the name value as the app source location.true indicates that name is a path to a file to install.false indicates that name is the literal app name and that the app is created from Splunkbase using a template.","description_kind":"plain","optional":true},"id":{"type":"string","description_kind":"plain","optional":true,"computed":true},"label":{"type":"string","description":"App name displayed in Splunk Web, from five to 80 characters and excluding the prefix \"Splunk For\".","description_kind":"plain","optional":true,"computed":true},"name":{"type":"string","description":"Required. Literal app name or path for the file to install, depending on the value of filename.filename = false indicates that name is the literal app name and that the app is created from Splunkbase using a template.filename = true indicates that name is the URL or path to the local .tar, .tgz or .spl file. If name is the Splunkbase URL, set auth or session to authenticate the request. The app folder name cannot include spaces or special characters.","description_kind":"plain","required":true},"session":{"type":"string","description":"Login session token for installing or updating an app on Splunkbase. Alternatively, use auth.","description_kind":"plain","optional":true},"update":{"type":"bool","description":"File-based update indication: true specifies that filename should be used to update an existing app. If not specified, update defaults to false, which indicates that filename should not be used to update an existing app.","description_kind":"plain","optional":true},"version":{"type":"string","description":"App version.","description_kind":"plain","optional":true,"computed":true},"visible":{"type":"bool","description":"Indicates whether the app is visible and navigable from Splunk Web.true = App is visible and navigable.false = App is not visible or navigable.","description_kind":"plain","optional":true,"computed":true}},"block_types":{"acl":{"nesting_mode":"list","block":{"attributes":{"app":{"type":"string","description":"The app context for the resource. Required for updating saved search ACL properties. Allowed values are:The name of an app and system","description_kind":"plain","optional":true,"computed":true},"can_change_perms":{"type":"bool","description":"Indicates if the active user can change permissions for this object. Defaults to true.","description_kind":"plain","optional":true,"computed":true},"can_share_app":{"type":"bool","description":"Indicates if the active user can change sharing to app level. Defaults to true.","description_kind":"plain","optional":true,"computed":true},"can_share_global":{"type":"bool","description":"Indicates if the active user can change sharing to system level. Defaults to true.","description_kind":"plain","optional":true,"computed":true},"can_share_user":{"type":"bool","description":"Indicates if the active user can change sharing to user level. Defaults to true.","description_kind":"plain","optional":true,"computed":true},"can_write":{"type":"bool","description":"Indicates if the active user can edit this object. Defaults to true.","description_kind":"plain","optional":true,"computed":true},"owner":{"type":"string","description":"User name of resource owner. Defaults to the resource creator. Required for updating any knowledge object ACL properties.nobody = All users may access the resource, but write access to the resource might be restricted.","description_kind":"plain","optional":true,"computed":true},"read":{"type":["list","string"],"description":"Properties that indicate resource read permissions.","description_kind":"plain","optional":true,"computed":true},"removable":{"type":"bool","description":"Indicates whether an admin or user with sufficient permissions can delete the entity.","description_kind":"plain","optional":true,"computed":true},"sharing":{"type":"string","description":"Indicates how the resource is shared. Required for updating any knowledge object ACL properties.app: Shared within a specific appglobal: (Default) Shared globally to all apps.user: Private to a user","description_kind":"plain","optional":true,"computed":true},"write":{"type":["list","string"],"description":"Properties that indicate write permissions of the resource.","description_kind":"plain","optional":true,"computed":true}},"description_kind":"plain"},"max_items":1}},"description_kind":"plain"}},"splunk_authentication_users":{"version":0,"block":{"attributes":{"default_app":{"type":"string","description":"User default app. Overrides the default app inherited from the user roles. ","description_kind":"plain","optional":true,"computed":true},"email":{"type":"string","description":"User email address.","description_kind":"plain","optional":true,"computed":true},"force_change_pass":{"type":"bool","description":"Force user to change password indication","description_kind":"plain","optional":true},"id":{"type":"string","description_kind":"plain","optional":true,"computed":true},"name":{"type":"string","description":"Required. Unique user login name.","description_kind":"plain","required":true},"password":{"type":"string","description":"User login password.","description_kind":"plain","optional":true,"sensitive":true},"realname":{"type":"string","description":"Full user name.","description_kind":"plain","optional":true,"computed":true},"restart_background_jobs":{"type":"bool","description":"Restart background search job that has not completed when Splunk restarts indication.","description_kind":"plain","optional":true,"computed":true},"roles":{"type":["list","string"],"description":"Role to assign to this user. At least one existing role is required.","description_kind":"plain","optional":true,"computed":true},"tz":{"type":"string","description":"User timezone.","description_kind":"plain","optional":true,"computed":true}},"description_kind":"plain"}},"splunk_authorization_roles":{"version":0,"block":{"attributes":{"capabilities":{"type":["list","string"],"description":"List of capabilities assigned to role.","description_kind":"plain","optional":true,"computed":true},"cumulative_realtime_search_jobs_quota":{"type":"number","description":"Maximum number of concurrently running real-time searches that all members of this role can have.","description_kind":"plain","optional":true},"cumulative_search_jobs_quota":{"type":"number","description":"Maximum number of concurrently running searches for all role members. Warning message logged when limit is reached.","description_kind":"plain","optional":true},"default_app":{"type":"string","description":"Specify the folder name of the default app to use for this role. A user-specific default app overrides this.","description_kind":"plain","optional":true,"computed":true},"id":{"type":"string","description_kind":"plain","optional":true,"computed":true},"imported_roles":{"type":["list","string"],"description":"Specify a role to import attributes from. To import multiple roles, specify them separately. By default a role imports no other roles. Importing other roles imports all aspects of that role, such as capabilities and allowed indexes to search. In combining multiple roles, the effective value for each attribute is the value with the broadest permissions.nDefault roles: admin, can_delete, power, user. You can specify additional roles created. ","description_kind":"plain","optional":true,"computed":true},"name":{"type":"string","description":"Required. The name of the user role to create.","description_kind":"plain","required":true},"realtime_search_jobs_quota":{"type":"number","description":"Specify the maximum number of concurrent real-time search jobs for this role. This count is independent from the normal search jobs limit.","description_kind":"plain","optional":true},"search_disk_quota":{"type":"number","description":"Specifies the maximum disk space in MB that can be used by a user's search jobs. For example, a value of 100 limits this role to 100 MB total.","description_kind":"plain","optional":true},"search_filter":{"type":"string","description":"Specify a search string that restricts the scope of searches run by this role. Search results for this role only show events that also match the search string you specify. In the case that a user has multiple roles with different search filters, they are combined with an OR.","description_kind":"plain","optional":true,"computed":true},"search_indexes_allowed":{"type":["list","string"],"description":"List of indexes that this role has permissions to search. These may be wildcarded, but the index name must begin with an underscore to match internal indexes.Search indexes available by default include the following. All internal indexes    All non-internal indexes    _audit    _blocksignature    _internal    _thefishbucket    history    main    You can also specify other search indexes added to the server. ","description_kind":"plain","optional":true,"computed":true},"search_indexes_default":{"type":["list","string"],"description":"For this role, list of indexes to search when no index is specified. These indexes can be wildcarded, with the exception that '*' does not match internal indexes. To match internal indexes, start with '_'. All internal indexes are represented by '_*'. A user with this role can search other indexes using \"index= \" For example, \"index=special_index\". Search indexes available by default include the following.     All internal indexes    All non-internal indexes    _audit    _blocksignature    _internal    _thefishbucket    history    main    other search indexes added to the server","description_kind":"plain","optional":true,"computed":true},"search_jobs_quota":{"type":"number","description":"The maximum number of concurrent searches a user with this role is allowed to run. For users with multiple roles, the maximum quota value among all of the roles applies.","description_kind":"plain","optional":true},"search_time_win":{"type":"number","description":"Maximum time span of a search, in seconds. By default, searches are not limited to any specific time window. To override any search time windows from imported roles, set srchTimeWin to '0', as the 'admin' role does.","description_kind":"plain","optional":true}},"description_kind":"plain"}},"splunk_configs_conf":{"version":0,"block":{"attributes":{"id":{"type":"string","description_kind":"plain","optional":true,"computed":true},"name":{"type":"string","description":"A '/' separated string consisting of {conf_file_name}/{stanza_name} ex. props/custom_stanza","description_kind":"plain","required":true},"variables":{"type":["map","string"],"description":"A map of key value pairs for a stanza.","description_kind":"plain","optional":true,"computed":true}},"block_types":{"acl":{"nesting_mode":"list","block":{"attributes":{"app":{"type":"string","description":"The app context for the resource. Required for updating saved search ACL properties. Allowed values are:The name of an app and system","description_kind":"plain","optional":true,"computed":true},"can_change_perms":{"type":"bool","description":"Indicates if the active user can change permissions for this object. Defaults to true.","description_kind":"plain","optional":true,"computed":true},"can_share_app":{"type":"bool","description":"Indicates if the active user can change sharing to app level. Defaults to true.","description_kind":"plain","optional":true,"computed":true},"can_share_global":{"type":"bool","description":"Indicates if the active user can change sharing to system level. Defaults to true.","description_kind":"plain","optional":true,"computed":true},"can_share_user":{"type":"bool","description":"Indicates if the active user can change sharing to user level. Defaults to true.","description_kind":"plain","optional":true,"computed":true},"can_write":{"type":"bool","description":"Indicates if the active user can edit this object. Defaults to true.","description_kind":"plain","optional":true,"computed":true},"owner":{"type":"string","description":"User name of resource owner. Defaults to the resource creator. Required for updating any knowledge object ACL properties.nobody = All users may access the resource, but write access to the resource might be restricted.","description_kind":"plain","optional":true,"computed":true},"read":{"type":["list","string"],"description":"Properties that indicate resource read permissions.","description_kind":"plain","optional":true,"computed":true},"removable":{"type":"bool","description":"Indicates whether an admin or user with sufficient permissions can delete the entity.","description_kind":"plain","optional":true,"computed":true},"sharing":{"type":"string","description":"Indicates how the resource is shared. Required for updating any knowledge object ACL properties.app: Shared within a specific appglobal: (Default) Shared globally to all apps.user: Private to a user","description_kind":"plain","optional":true,"computed":true},"write":{"type":["list","string"],"description":"Properties that indicate write permissions of the resource.","description_kind":"plain","optional":true,"computed":true}},"description_kind":"plain"},"max_items":1}},"description_kind":"plain"}},"splunk_data_ui_views":{"version":0,"block":{"attributes":{"eai_data":{"type":"string","description":"Dashboard XML definition.","description_kind":"plain","required":true},"id":{"type":"string","description_kind":"plain","optional":true,"computed":true},"name":{"type":"string","description":"Dashboard Name.","description_kind":"plain","required":true}},"block_types":{"acl":{"nesting_mode":"list","block":{"attributes":{"app":{"type":"string","description":"The app context for the resource. Required for updating saved search ACL properties. Allowed values are:The name of an app and system","description_kind":"plain","optional":true,"computed":true},"can_change_perms":{"type":"bool","description":"Indicates if the active user can change permissions for this object. Defaults to true.","description_kind":"plain","optional":true,"computed":true},"can_share_app":{"type":"bool","description":"Indicates if the active user can change sharing to app level. Defaults to true.","description_kind":"plain","optional":true,"computed":true},"can_share_global":{"type":"bool","description":"Indicates if the active user can change sharing to system level. Defaults to true.","description_kind":"plain","optional":true,"computed":true},"can_share_user":{"type":"bool","description":"Indicates if the active user can change sharing to user level. Defaults to true.","description_kind":"plain","optional":true,"computed":true},"can_write":{"type":"bool","description":"Indicates if the active user can edit this object. Defaults to true.","description_kind":"plain","optional":true,"computed":true},"owner":{"type":"string","description":"User name of resource owner. Defaults to the resource creator. Required for updating any knowledge object ACL properties.nobody = All users may access the resource, but write access to the resource might be restricted.","description_kind":"plain","optional":true,"computed":true},"read":{"type":["list","string"],"description":"Properties that indicate resource read permissions.","description_kind":"plain","optional":true,"computed":true},"removable":{"type":"bool","description":"Indicates whether an admin or user with sufficient permissions can delete the entity.","description_kind":"plain","optional":true,"computed":true},"sharing":{"type":"string","description":"Indicates how the resource is shared. Required for updating any knowledge object ACL properties.app: Shared within a specific appglobal: (Default) Shared globally to all apps.user: Private to a user","description_kind":"plain","optional":true,"computed":true},"write":{"type":["list","string"],"description":"Properties that indicate write permissions of the resource.","description_kind":"plain","optional":true,"computed":true}},"description_kind":"plain"},"max_items":1}},"description_kind":"plain"}},"splunk_generic_acl":{"version":0,"block":{"attributes":{"id":{"type":"string","description_kind":"plain","optional":true,"computed":true},"path":{"type":"string","description":"The path to the object whose ACL is being managed.","description_kind":"plain","required":true}},"block_types":{"acl":{"nesting_mode":"list","block":{"attributes":{"app":{"type":"string","description":"The app context for the resource. Required for updating saved search ACL properties. Allowed values are:The name of an app and system","description_kind":"plain","optional":true,"computed":true},"can_change_perms":{"type":"bool","description":"Indicates if the active user can change permissions for this object. Defaults to true.","description_kind":"plain","optional":true,"computed":true},"can_share_app":{"type":"bool","description":"Indicates if the active user can change sharing to app level. Defaults to true.","description_kind":"plain","optional":true,"computed":true},"can_share_global":{"type":"bool","description":"Indicates if the active user can change sharing to system level. Defaults to true.","description_kind":"plain","optional":true,"computed":true},"can_share_user":{"type":"bool","description":"Indicates if the active user can change sharing to user level. Defaults to true.","description_kind":"plain","optional":true,"computed":true},"can_write":{"type":"bool","description":"Indicates if the active user can edit this object. Defaults to true.","description_kind":"plain","optional":true,"computed":true},"owner":{"type":"string","description":"User name of resource owner. Defaults to the resource creator. Required for updating any knowledge object ACL properties.nobody = All users may access the resource, but write access to the resource might be restricted.","description_kind":"plain","optional":true,"computed":true},"read":{"type":["list","string"],"description":"Properties that indicate resource read permissions.","description_kind":"plain","optional":true,"computed":true},"removable":{"type":"bool","description":"Indicates whether an admin or user with sufficient permissions can delete the entity.","description_kind":"plain","optional":true,"computed":true},"sharing":{"type":"string","description":"Indicates how the resource is shared. Required for updating any knowledge object ACL properties.app: Shared within a specific appglobal: (Default) Shared globally to all apps.user: Private to a user","description_kind":"plain","optional":true,"computed":true},"write":{"type":["list","string"],"description":"Properties that indicate write permissions of the resource.","description_kind":"plain","optional":true,"computed":true}},"description_kind":"plain"},"max_items":1}},"description_kind":"plain"}},"splunk_global_http_event_collector":{"version":0,"block":{"attributes":{"dedicated_io_threads":{"type":"number","description":"Number of threads used by HTTP Input server.","description_kind":"plain","optional":true,"computed":true},"disabled":{"type":"bool","description":"Input disabled indicator: 0 = Input Not disabled, 1 = Input disabled.","description_kind":"plain","optional":true,"computed":true},"enable_ssl":{"type":"bool","description":"Enable SSL protocol for HTTP data input. 1 = SSL enabled, 0 = SSL disabled.","description_kind":"plain","optional":true,"computed":true},"id":{"type":"string","description_kind":"plain","optional":true,"computed":true},"max_sockets":{"type":"number","description":"Maximum number of simultaneous HTTP connections accepted. Adjusting this value may cause server performance issues and is not generally recommended. Possible values for this setting vary by OS.","description_kind":"plain","optional":true,"computed":true},"max_threads":{"type":"number","description":"Maximum number of threads that can be used by active HTTP transactions. Adjusting this value may cause server performance issues and is not generally recommended. Possible values for this setting vary by OS.","description_kind":"plain","optional":true,"computed":true},"port":{"type":"number","description":"HTTP data input IP port.","description_kind":"plain","optional":true,"computed":true},"use_deployment_server":{"type":"number","description":"Indicates whether the event collector input writes its configuration to a deployment server repository.When this setting is set to 1 (enabled), the input writes its configuration to the directory specified as repositoryLocation in serverclass.conf.Copy the full contents of the splunk_httpinput app directory to this directory for the configuration to work.When enabled, only the tokens defined in the splunk_httpinput app in this repository are viewable and editable on the API and the Data Inputs page in Splunk Web.When disabled, the input writes its configuration to $SPLUNK_HOME/etc/apps by default.Defaults to 0 (disabled). ","description_kind":"plain","optional":true,"computed":true}},"description_kind":"plain"}},"splunk_indexes":{"version":0,"block":{"attributes":{"block_sign_size":{"type":"number","description":"Controls how many events make up a block for block signatures.\n\t\t\t\tIf this is set to 0, block signing is disabled for this index.\n\t\t\t\tA recommended value is 100.","description_kind":"plain","optional":true,"computed":true},"bucket_rebuild_memory_hint":{"type":"string","description":"Suggestion for the bucket rebuild process for the size of the time-series (tsidx) file to make.\n\t\t\t\tCaution: This is an advanced parameter. Inappropriate use of this parameter causes splunkd to not start if rebuild is required. Do not set this parameter unless instructed by Splunk Support.\n\n\t\t\t\tDefault value, auto, varies by the amount of physical RAM on the host\n\n\t\t\t\t- less than 2GB RAM = 67108864 (64MB) tsidx\n\t\t\t\t- 2GB to 8GB RAM = 134217728 (128MB) tsidx\n\t\t\t\t- more than 8GB RAM = 268435456 (256MB) tsidx\n\n\t\t\t\tValues other than \"auto\" must be 16MB-1GB. Highest legal value (of the numerical part) is 4294967295\n\n\t\t\t\tYou can specify the value using a size suffix: \"16777216\" or \"16MB\" are equivalent.","description_kind":"plain","optional":true,"computed":true},"cold_path":{"type":"string","description":"An absolute path that contains the colddbs for the index. The path must be readable and writable. Cold databases are opened as needed when searching. May be defined in terms of a volume definition (see volume section below).\n\t\t\t\tRequired. Splunk software does not start if an index lacks a valid coldPath.","description_kind":"plain","optional":true,"computed":true},"cold_to_frozen_dir":{"type":"string","description":"Destination path for the frozen archive. Use as an alternative to a coldToFrozenScript. Splunk software automatically puts frozen buckets in this directory.\n\t\t\t\tBucket freezing policy is as follows:\n\n\t\t\t\t- New style buckets (4.2 and on): removes all files but the rawdata\n\t\t\t\tTo thaw, run splunk rebuild \u003cbucket dir\u003e on the bucket, then move to the thawed directory\n\t\t\t\t- Old style buckets (Pre-4.2): gzip all the .data and .tsidx files\n\t\t\t\tTo thaw, gunzip the zipped files and move the bucket into the thawed directory\n\n\t\t\t\tIf both coldToFrozenDir and coldToFrozenScript are specified, coldToFrozenDir takes precedence","description_kind":"plain","optional":true,"computed":true},"cold_to_frozen_script":{"type":"string","description":"Path to the archiving script.\n\t\t\t\tIf your script requires a program to run it (for example, python), specify the program followed by the path. The script must be in $SPLUNK_HOME/bin or one of its subdirectories.\n\n\t\t\t\tSplunk software ships with an example archiving script in $SPLUNK_HOME/bin called coldToFrozenExample.py. DO NOT use this example script directly. It uses a default path, and if modified in place any changes are overwritten on upgrade.\n\n\t\t\t\tIt is best to copy the example script to a new file in bin and modify it for your system. Most importantly, change the default archive path to an existing directory that fits your needs.\n\n\t\t\t\tIf your new script in bin/ is named myColdToFrozen.py, set this key to the following:\n\n\t\t\t\tcoldToFrozenScript = \"$SPLUNK_HOME/bin/python\" \"$SPLUNK_HOME/bin/myColdToFrozen.py\"\n\n\t\t\t\tBy default, the example script has two possible behaviors when archiving:\n\n\t\t\t\t- For buckets created from version 4.2 and on, it removes all files except for rawdata. To thaw: cd to the frozen bucket and type splunk rebuild ., then copy the bucket to thawed for that index. We recommend using the coldToFrozenDir parameter unless you need to perform a more advanced operation upon freezing buckets.\n\t\t\t\t- For older-style buckets, we simply gzip all the .tsidx files. To thaw: cd to the frozen bucket and unzip the tsidx files, then copy the bucket to thawed for that index","description_kind":"plain","optional":true,"computed":true},"compress_rawdata":{"type":"bool","description":"This parameter is ignored. The splunkd process always compresses raw data.","description_kind":"plain","optional":true,"computed":true},"datatype":{"type":"string","description":"Valid values: (event | metric). Specifies the type of index.","description_kind":"plain","optional":true,"computed":true},"enable_online_bucket_repair":{"type":"bool","description":"Enables asynchronous \"online fsck\" bucket repair, which runs concurrently with Splunk software.\n\t\t\t\tWhen enabled, you do not have to wait until buckets are repaired to start the Splunk platform. However, you might observe a slight performance degratation.","description_kind":"plain","optional":true,"computed":true},"frozen_time_period_in_secs":{"type":"number","description":"Number of seconds after which indexed data rolls to frozen. Defaults to 188697600 (6 years).\n\t\t\t\tFreezing data means it is removed from the index. If you need to archive your data, refer to coldToFrozenDir and coldToFrozenScript parameter documentation.","description_kind":"plain","optional":true,"computed":true},"home_path":{"type":"string","description":"An absolute path that contains the hot and warm buckets for the index.\n\t\t\t\tRequired. Splunk software does not start if an index lacks a valid homePath.\n\n\t\t\t\tCaution: The path must be readable and writable.","description_kind":"plain","optional":true,"computed":true},"id":{"type":"string","description_kind":"plain","optional":true,"computed":true},"max_bloom_backfill_bucket_age":{"type":"string","description":"Valid values are: Integer[m|s|h|d].If a warm or cold bucket is older than the specified age, do not create or rebuild its bloomfilter. Specify 0 to never rebuild bloomfilters.","description_kind":"plain","optional":true,"computed":true},"max_concurrent_optimizes":{"type":"number","description":"The number of concurrent optimize processes that can run against a hot bucket.\n\t\t\t\tThis number should be increased if instructed by Splunk Support. Typically the default value should suffice.","description_kind":"plain","optional":true,"computed":true},"max_data_size":{"type":"string","description":"The maximum size in MB for a hot DB to reach before a roll to warm is triggered. Specifying \"auto\" or \"auto_high_volume\" causes Splunk software to autotune this parameter (recommended).Use \"auto_high_volume\" for high volume indexes (such as the main index); otherwise, use \"auto\". A \"high volume index\" would typically be considered one that gets over 10GB of data per day.\n\t\t\t\t- \"auto\" sets the size to 750MB.\n\t\t\t\t- \"auto_high_volume\" sets the size to 10GB on 64-bit, and 1GB on 32-bit systems.\n\n\t\t\t\tAlthough the maximum value you can set this is 1048576 MB, which corresponds to 1 TB, a reasonable number ranges anywhere from 100 - 50000. Any number outside this range should be approved by Splunk Support before proceeding.\n\n\t\t\t\tIf you specify an invalid number or string, maxDataSize is auto-tuned.\n\n\t\t\t\tNote: The precise size of your warm buckets may vary from maxDataSize, due to post-processing and timing issues with the rolling policy.","description_kind":"plain","optional":true,"computed":true},"max_hot_buckets":{"type":"number","description":"Maximum hot buckets that can exist per index. Defaults to 3.\n\t\t\t\tWhen maxHotBuckets is exceeded, Splunk software rolls the least recently used (LRU) hot bucket to warm. Both normal hot buckets and quarantined hot buckets count towards this total. This setting operates independently of maxHotIdleSecs, which can also cause hot buckets to roll.","description_kind":"plain","optional":true,"computed":true},"max_hot_idle_secs":{"type":"number","description":"Maximum life, in seconds, of a hot bucket. Defaults to 0.\n\t\t\t\tIf a hot bucket exceeds maxHotIdleSecs, Splunk software rolls it to warm. This setting operates independently of maxHotBuckets, which can also cause hot buckets to roll. A value of 0 turns off the idle check (equivalent to INFINITE idle time).","description_kind":"plain","optional":true,"computed":true},"max_hot_span_secs":{"type":"number","description":"Upper bound of target maximum timespan of hot/warm buckets in seconds. Defaults to 7776000 seconds (90 days).\n\t\t\t\tNote: If you set this too small, you can get an explosion of hot/warm buckets in the filesystem. The system sets a lower bound implicitly for this parameter at 3600, but this is an advanced parameter that should be set with care and understanding of the characteristics of your data.","description_kind":"plain","optional":true,"computed":true},"max_mem_mb":{"type":"number","description":"The amount of memory, expressed in MB, to allocate for buffering a single tsidx file into memory before flushing to disk. Defaults to 5. The default is recommended for all environments.\n\t\t\t\tIMPORTANT: Calculate this number carefully. Setting this number incorrectly may have adverse effects on your systems memory and/or splunkd stability/performance.","description_kind":"plain","optional":true,"computed":true},"max_meta_entries":{"type":"number","description":"Sets the maximum number of unique lines in .data files in a bucket, which may help to reduce memory consumption. If set to 0, this setting is ignored (it is treated as infinite).\n\t\t\t\tIf exceeded, a hot bucket is rolled to prevent further increase. If your buckets are rolling due to Strings.data hitting this limit, the culprit may be the punct field in your data. If you do not use punct, it may be best to simply disable this (see props.conf.spec in $SPLUNK_HOME/etc/system/README).\n\n\t\t\t\tThere is a small time delta between when maximum is exceeded and bucket is rolled. This means a bucket may end up with epsilon more lines than specified, but this is not a major concern unless excess is significant.","description_kind":"plain","optional":true,"computed":true},"max_time_unreplicated_no_acks":{"type":"number","description":"Upper limit, in seconds, on how long an event can sit in raw slice. Applies only if replication is enabled for this index. Otherwise ignored.\n\t\t\t\tIf there are any acknowledged events sharing this raw slice, this paramater does not apply. In this case, maxTimeUnreplicatedWithAcks applies.\n\n\t\t\t\tHighest legal value is 2147483647. To disable this parameter, set to 0.\n\n\t\t\t\tNote: this is an advanced parameter. Understand the consequences before changing.","description_kind":"plain","optional":true,"computed":true},"max_time_unreplicated_with_acks":{"type":"number","description":"Upper limit, in seconds, on how long events can sit unacknowledged in a raw slice. Applies only if you have enabled acks on forwarders and have replication enabled (with clustering).\n\t\t\t\tNote: This is an advanced parameter. Make sure you understand the settings on all forwarders before changing this. This number should not exceed ack timeout configured on any forwarder, and should actually be set to at most half of the minimum value of that timeout. You can find this setting in outputs.conf readTimeout setting under the tcpout stanza.\n\n\t\t\t\tTo disable, set to 0, but this is NOT recommended. Highest legal value is 2147483647.","description_kind":"plain","optional":true,"computed":true},"max_total_data_size_mb":{"type":"number","description":"The maximum size of an index (in MB). If an index grows larger than the maximum size, the oldest data is frozen.","description_kind":"plain","optional":true,"computed":true},"max_warm_db_count":{"type":"number","description":"The maximum number of warm buckets. If this number is exceeded, the warm bucket/s with the lowest value for their latest times is moved to cold.","description_kind":"plain","optional":true,"computed":true},"min_raw_file_sync_secs":{"type":"string","description":"Specify an integer (or \"disable\") for this parameter.\n\t\t\t\tThis parameter sets how frequently splunkd forces a filesystem sync while compressing journal slices.\n\n\t\t\t\tDuring this period, uncompressed slices are left on disk even after they are compressed. Then splunkd forces a filesystem sync of the compressed journal and removes the accumulated uncompressed files.\n\n\t\t\t\tIf 0 is specified, splunkd forces a filesystem sync after every slice completes compressing. Specifying \"disable\" disables syncing entirely: uncompressed slices are removed as soon as compression is complete.\n\n\t\t\t\tNote: Some filesystems are very inefficient at performing sync operations, so only enable this if you are sure it is needed","description_kind":"plain","optional":true,"computed":true},"min_stream_group_queue_size":{"type":"number","description":"Minimum size of the queue that stores events in memory before committing them to a tsidx file.\n\t\t\t\tCaution: Do not set this value, except under advice from Splunk Support.","description_kind":"plain","optional":true,"computed":true},"name":{"type":"string","description":"The name of the index to create.","description_kind":"plain","required":true},"partial_service_meta_period":{"type":"number","description":"Related to serviceMetaPeriod. If set, it enables metadata sync every \u003cinteger\u003e seconds, but only for records where the sync can be done efficiently in-place, without requiring a full re-write of the metadata file. Records that require full re-write are be sync'ed at serviceMetaPeriod.\n\t\t\t\tpartialServiceMetaPeriod specifies, in seconds, how frequently it should sync. Zero means that this feature is turned off and serviceMetaPeriod is the only time when metadata sync happens.\n\n\t\t\t\tIf the value of partialServiceMetaPeriod is greater than serviceMetaPeriod, this setting has no effect.\n\n\t\t\t\tBy default it is turned off (zero).","description_kind":"plain","optional":true,"computed":true},"process_tracker_service_interval":{"type":"number","description":"Specifies, in seconds, how often the indexer checks the status of the child OS processes it launched to see if it can launch new processes for queued requests. Defaults to 15.\n\t\t\t\tIf set to 0, the indexer checks child process status every second.\n\n\t\t\t\tHighest legal value is 4294967295.","description_kind":"plain","optional":true,"computed":true},"quarantine_future_secs":{"type":"number","description":"Events with timestamp of quarantineFutureSecs newer than \"now\" are dropped into quarantine bucket. Defaults to 2592000 (30 days).\n\t\t\t\tThis is a mechanism to prevent main hot buckets from being polluted with fringe events.","description_kind":"plain","optional":true,"computed":true},"quarantine_past_secs":{"type":"number","description":"Events with timestamp of quarantinePastSecs older than \"now\" are dropped into quarantine bucket. Defaults to 77760000 (900 days).\n\t\t\t\tThis is a mechanism to prevent the main hot buckets from being polluted with fringe events.","description_kind":"plain","optional":true,"computed":true},"raw_chunk_size_bytes":{"type":"number","description":"Target uncompressed size in bytes for individual raw slice in the rawdata journal of the index. Defaults to 131072 (128KB). 0 is not a valid value. If 0 is specified, rawChunkSizeBytes is set to the default value.\n\t\t\t\tNote: rawChunkSizeBytes only specifies a target chunk size. The actual chunk size may be slightly larger by an amount proportional to an individual event size.\n\n\t\t\t\tWARNING: This is an advanced parameter. Only change it if you are instructed to do so by Splunk Support.","description_kind":"plain","optional":true,"computed":true},"rep_factor":{"type":"string","description":"Index replication control. This parameter applies to only clustering slaves.\n\t\t\t\tauto = Use the master index replication configuration value.\n\n\t\t\t\t0 = Turn off replication for this index.","description_kind":"plain","optional":true,"computed":true},"rotate_period_in_secs":{"type":"number","description":"How frequently (in seconds) to check if a new hot bucket needs to be created. Also, how frequently to check if there are any warm/cold buckets that should be rolled/frozen.","description_kind":"plain","optional":true,"computed":true},"service_meta_period":{"type":"number","description":"Defines how frequently metadata is synced to disk, in seconds. Defaults to 25 (seconds).\n\t\t\t\tYou may want to set this to a higher value if the sum of your metadata file sizes is larger than many tens of megabytes, to avoid the hit on I/O in the indexing fast path.","description_kind":"plain","optional":true,"computed":true},"sync_meta":{"type":"bool","description":"When true, a sync operation is called before file descriptor is closed on metadata file updates. This functionality improves integrity of metadata files, especially in regards to operating system crashes/machine failures.\n\t\t\t\tNote: Do not change this parameter without the input of a Splunk Support.","description_kind":"plain","optional":true,"computed":true},"thawed_path":{"type":"string","description":"An absolute path that contains the thawed (resurrected) databases for the index.\n\t\t\t\tCannot be defined in terms of a volume definition.\n\n\t\t\t\tRequired. Splunk software does not start if an index lacks a valid thawedPath.","description_kind":"plain","optional":true,"computed":true},"throttle_check_period":{"type":"number","description":"Defines how frequently Splunk software checks for index throttling condition, in seconds. Defaults to 15 (seconds).\n\t\t\t\tNote: Do not change this parameter without the input of Splunk Support.","description_kind":"plain","optional":true,"computed":true},"tstats_home_path":{"type":"string","description":"Location to store datamodel acceleration TSIDX data for this index. Restart splunkd after changing this parameter.\n\t\t\t\tIf specified, it must be defined in terms of a volume definition.\n\n\t\t\t\tCaution: Path must be writable.\n\n\t\t\t\tDefault value: volume:_splunk_summaries/$_index_name/tstats","description_kind":"plain","optional":true,"computed":true},"warm_to_cold_script":{"type":"string","description":"Path to a script to run when moving data from warm to cold.\n\t\t\t\tThis attribute is supported for backwards compatibility with Splunk software versions older than 4.0. Contact Splunk support if you need help configuring this setting.\n\n\t\t\t\tCaution: Migrating data across filesystems is now handled natively by splunkd. If you specify a script here, the script becomes responsible for moving the event data, and Splunk-native data migration is not used.","description_kind":"plain","optional":true,"computed":true}},"block_types":{"acl":{"nesting_mode":"list","block":{"attributes":{"app":{"type":"string","description":"The app context for the resource. Required for updating saved search ACL properties. Allowed values are:The name of an app and system","description_kind":"plain","optional":true,"computed":true},"can_change_perms":{"type":"bool","description":"Indicates if the active user can change permissions for this object. Defaults to true.","description_kind":"plain","optional":true,"computed":true},"can_share_app":{"type":"bool","description":"Indicates if the active user can change sharing to app level. Defaults to true.","description_kind":"plain","optional":true,"computed":true},"can_share_global":{"type":"bool","description":"Indicates if the active user can change sharing to system level. Defaults to true.","description_kind":"plain","optional":true,"computed":true},"can_share_user":{"type":"bool","description":"Indicates if the active user can change sharing to user level. Defaults to true.","description_kind":"plain","optional":true,"computed":true},"can_write":{"type":"bool","description":"Indicates if the active user can edit this object. Defaults to true.","description_kind":"plain","optional":true,"computed":true},"owner":{"type":"string","description":"User name of resource owner. Defaults to the resource creator. Required for updating any knowledge object ACL properties.nobody = All users may access the resource, but write access to the resource might be restricted.","description_kind":"plain","optional":true,"computed":true},"read":{"type":["list","string"],"description":"Properties that indicate resource read permissions.","description_kind":"plain","optional":true,"computed":true},"removable":{"type":"bool","description":"Indicates whether an admin or user with sufficient permissions can delete the entity.","description_kind":"plain","optional":true,"computed":true},"sharing":{"type":"string","description":"Indicates how the resource is shared. Required for updating any knowledge object ACL properties.app: Shared within a specific appglobal: (Default) Shared globally to all apps.user: Private to a user","description_kind":"plain","optional":true,"computed":true},"write":{"type":["list","string"],"description":"Properties that indicate write permissions of the resource.","description_kind":"plain","optional":true,"computed":true}},"description_kind":"plain"},"max_items":1}},"description_kind":"plain"}},"splunk_inputs_http_event_collector":{"version":0,"block":{"attributes":{"disabled":{"type":"bool","description":"Input disabled indicator: 0 = Input Not disabled, 1 = Input disabled","description_kind":"plain","optional":true,"computed":true},"host":{"type":"string","description":"Default host value for events with this token","description_kind":"plain","optional":true,"computed":true},"id":{"type":"string","description_kind":"plain","optional":true,"computed":true},"index":{"type":"string","description":"Index to store generated events","description_kind":"plain","optional":true,"computed":true},"indexes":{"type":["list","string"],"description":"Set of indexes allowed for events with this token.","description_kind":"plain","optional":true,"computed":true},"name":{"type":"string","description":"Required. Token name (inputs.conf key)","description_kind":"plain","required":true},"source":{"type":"string","description":"Default source for events with this token","description_kind":"plain","optional":true,"computed":true},"sourcetype":{"type":"string","description":"Default sourcetype for events with this token","description_kind":"plain","optional":true,"computed":true},"token":{"type":"string","description":"Token value for sending data to collector/event endpoint.","description_kind":"plain","optional":true,"computed":true},"use_ack":{"type":"number","description":"Indexer acknowledgement for this token: 0 = disabled, 1 = enabled","description_kind":"plain","optional":true,"computed":true}},"block_types":{"acl":{"nesting_mode":"list","block":{"attributes":{"app":{"type":"string","description":"The app context for the resource. Required for updating saved search ACL properties. Allowed values are:The name of an app and system","description_kind":"plain","optional":true,"computed":true},"can_change_perms":{"type":"bool","description":"Indicates if the active user can change permissions for this object. Defaults to true.","description_kind":"plain","optional":true,"computed":true},"can_share_app":{"type":"bool","description":"Indicates if the active user can change sharing to app level. Defaults to true.","description_kind":"plain","optional":true,"computed":true},"can_share_global":{"type":"bool","description":"Indicates if the active user can change sharing to system level. Defaults to true.","description_kind":"plain","optional":true,"computed":true},"can_share_user":{"type":"bool","description":"Indicates if the active user can change sharing to user level. Defaults to true.","description_kind":"plain","optional":true,"computed":true},"can_write":{"type":"bool","description":"Indicates if the active user can edit this object. Defaults to true.","description_kind":"plain","optional":true,"computed":true},"owner":{"type":"string","description":"User name of resource owner. Defaults to the resource creator. Required for updating any knowledge object ACL properties.nobody = All users may access the resource, but write access to the resource might be restricted.","description_kind":"plain","optional":true,"computed":true},"read":{"type":["list","string"],"description":"Properties that indicate resource read permissions.","description_kind":"plain","optional":true,"computed":true},"removable":{"type":"bool","description":"Indicates whether an admin or user with sufficient permissions can delete the entity.","description_kind":"plain","optional":true,"computed":true},"sharing":{"type":"string","description":"Indicates how the resource is shared. Required for updating any knowledge object ACL properties.app: Shared within a specific appglobal: (Default) Shared globally to all apps.user: Private to a user","description_kind":"plain","optional":true,"computed":true},"write":{"type":["list","string"],"description":"Properties that indicate write permissions of the resource.","description_kind":"plain","optional":true,"computed":true}},"description_kind":"plain"},"max_items":1}},"description_kind":"plain"}},"splunk_inputs_monitor":{"version":0,"block":{"attributes":{"blacklist":{"type":"string","description":"Specify a regular expression for a file path. The file path that matches this regular expression is not indexed.","description_kind":"plain","optional":true,"computed":true},"crc_salt":{"type":"string","description":"A string that modifies the file tracking identity for files in this input. The magic value \u003cSOURCE\u003e invokes special behavior (see admin documentation).","description_kind":"plain","optional":true,"computed":true},"disabled":{"type":"bool","description":"Indicates if input monitoring is disabled.","description_kind":"plain","optional":true,"computed":true},"follow_tail":{"type":"bool","description":"If set to true, files that are seen for the first time is read from the end.","description_kind":"plain","optional":true,"computed":true},"host":{"type":"string","description":"The value to populate in the host field for events from this data input.","description_kind":"plain","optional":true,"computed":true},"host_regex":{"type":"string","description":"Specify a regular expression for a file path. If the path for a file matches this regular expression, the captured value is used to populate the host field for events from this data input. The regular expression must have one capture group.","description_kind":"plain","optional":true,"computed":true},"host_segment":{"type":"number","description":"Use the specified slash-separate segment of the filepath as the host field value.","description_kind":"plain","optional":true,"computed":true},"id":{"type":"string","description_kind":"plain","optional":true,"computed":true},"ignore_older_than":{"type":"string","description":"Specify a time value. If the modification time of a file being monitored falls outside of this rolling time window, the file is no longer being monitored.","description_kind":"plain","optional":true,"computed":true},"index":{"type":"string","description":"Which index events from this input should be stored in. Defaults to default.","description_kind":"plain","optional":true,"computed":true},"name":{"type":"string","description":"The file or directory path to monitor on the system.","description_kind":"plain","required":true},"recursive":{"type":"bool","description":"Setting this to false prevents monitoring of any subdirectories encountered within this data input.","description_kind":"plain","optional":true,"computed":true},"rename_source":{"type":"string","description":"The value to populate in the source field for events from this data input. The same source should not be used for multiple data inputs.","description_kind":"plain","optional":true,"computed":true},"sourcetype":{"type":"string","description":"The value to populate in the sourcetype field for incoming events.","description_kind":"plain","optional":true,"computed":true},"time_before_close":{"type":"number","description":"When Splunk software reaches the end of a file that is being read, the file is kept open for a minimum of the number of seconds specified in this value. After this period has elapsed, the file is checked again for more data.","description_kind":"plain","optional":true,"computed":true},"whitelist":{"type":"string","description":"Specify a regular expression for a file path. Only file paths that match this regular expression are indexed.","description_kind":"plain","optional":true,"computed":true}},"block_types":{"acl":{"nesting_mode":"list","block":{"attributes":{"app":{"type":"string","description":"The app context for the resource. Required for updating saved search ACL properties. Allowed values are:The name of an app and system","description_kind":"plain","optional":true,"computed":true},"can_change_perms":{"type":"bool","description":"Indicates if the active user can change permissions for this object. Defaults to true.","description_kind":"plain","optional":true,"computed":true},"can_share_app":{"type":"bool","description":"Indicates if the active user can change sharing to app level. Defaults to true.","description_kind":"plain","optional":true,"computed":true},"can_share_global":{"type":"bool","description":"Indicates if the active user can change sharing to system level. Defaults to true.","description_kind":"plain","optional":true,"computed":true},"can_share_user":{"type":"bool","description":"Indicates if the active user can change sharing to user level. Defaults to true.","description_kind":"plain","optional":true,"computed":true},"can_write":{"type":"bool","description":"Indicates if the active user can edit this object. Defaults to true.","description_kind":"plain","optional":true,"computed":true},"owner":{"type":"string","description":"User name of resource owner. Defaults to the resource creator. Required for updating any knowledge object ACL properties.nobody = All users may access the resource, but write access to the resource might be restricted.","description_kind":"plain","optional":true,"computed":true},"read":{"type":["list","string"],"description":"Properties that indicate resource read permissions.","description_kind":"plain","optional":true,"computed":true},"removable":{"type":"bool","description":"Indicates whether an admin or user with sufficient permissions can delete the entity.","description_kind":"plain","optional":true,"computed":true},"sharing":{"type":"string","description":"Indicates how the resource is shared. Required for updating any knowledge object ACL properties.app: Shared within a specific appglobal: (Default) Shared globally to all apps.user: Private to a user","description_kind":"plain","optional":true,"computed":true},"write":{"type":["list","string"],"description":"Properties that indicate write permissions of the resource.","description_kind":"plain","optional":true,"computed":true}},"description_kind":"plain"},"max_items":1}},"description_kind":"plain"}},"splunk_inputs_script":{"version":0,"block":{"attributes":{"disabled":{"type":"bool","description":"Specifies whether the input script is disabled.","description_kind":"plain","optional":true,"computed":true},"host":{"type":"string","description":"Sets the host for events from this input. Defaults to whatever host sent the event.","description_kind":"plain","optional":true,"computed":true},"id":{"type":"string","description_kind":"plain","optional":true,"computed":true},"index":{"type":"string","description":"Sets the index for events from this input. Defaults to the main index.","description_kind":"plain","optional":true,"computed":true},"interval":{"type":"number","description":"Specify an integer or cron schedule. This parameter specifies how often to execute the specified script, in seconds or a valid cron schedule. If you specify a cron schedule, the script is not executed on start-up.","description_kind":"plain","required":true},"name":{"type":"string","description":"Specify the name of the scripted input.","description_kind":"plain","required":true},"passauth":{"type":"string","description":"User to run the script as. If you provide a username, Splunk software generates an auth token for that user and passes it to the script.","description_kind":"plain","optional":true,"computed":true},"rename_source":{"type":"string","description":"Specify a new name for the source field for the script.","description_kind":"plain","optional":true,"computed":true},"source":{"type":"string","description":"Sets the source key/field for events from this input. Defaults to the input file path.","description_kind":"plain","optional":true,"computed":true},"sourcetype":{"type":"string","description":"Sets the sourcetype key/field for events from this input.","description_kind":"plain","optional":true,"computed":true}},"block_types":{"acl":{"nesting_mode":"list","block":{"attributes":{"app":{"type":"string","description":"The app context for the resource. Required for updating saved search ACL properties. Allowed values are:The name of an app and system","description_kind":"plain","optional":true,"computed":true},"can_change_perms":{"type":"bool","description":"Indicates if the active user can change permissions for this object. Defaults to true.","description_kind":"plain","optional":true,"computed":true},"can_share_app":{"type":"bool","description":"Indicates if the active user can change sharing to app level. Defaults to true.","description_kind":"plain","optional":true,"computed":true},"can_share_global":{"type":"bool","description":"Indicates if the active user can change sharing to system level. Defaults to true.","description_kind":"plain","optional":true,"computed":true},"can_share_user":{"type":"bool","description":"Indicates if the active user can change sharing to user level. Defaults to true.","description_kind":"plain","optional":true,"computed":true},"can_write":{"type":"bool","description":"Indicates if the active user can edit this object. Defaults to true.","description_kind":"plain","optional":true,"computed":true},"owner":{"type":"string","description":"User name of resource owner. Defaults to the resource creator. Required for updating any knowledge object ACL properties.nobody = All users may access the resource, but write access to the resource might be restricted.","description_kind":"plain","optional":true,"computed":true},"read":{"type":["list","string"],"description":"Properties that indicate resource read permissions.","description_kind":"plain","optional":true,"computed":true},"removable":{"type":"bool","description":"Indicates whether an admin or user with sufficient permissions can delete the entity.","description_kind":"plain","optional":true,"computed":true},"sharing":{"type":"string","description":"Indicates how the resource is shared. Required for updating any knowledge object ACL properties.app: Shared within a specific appglobal: (Default) Shared globally to all apps.user: Private to a user","description_kind":"plain","optional":true,"computed":true},"write":{"type":["list","string"],"description":"Properties that indicate write permissions of the resource.","description_kind":"plain","optional":true,"computed":true}},"description_kind":"plain"},"max_items":1}},"description_kind":"plain"}},"splunk_inputs_tcp_cooked":{"version":0,"block":{"attributes":{"connection_host":{"type":"string","description":"Valid values: (ip | dns | none)Set the host for the remote server that is sending data.ip sets the host to the IP address of the remote server sending data.dns sets the host to the reverse DNS entry for the IP address of the remote server sending data.none leaves the host as specified in inputs.conf, which is typically the Splunk system hostname.Default value is dns. ","description_kind":"plain","optional":true,"computed":true},"disabled":{"type":"bool","description":"Indicates if input is disabled.","description_kind":"plain","optional":true,"computed":true},"host":{"type":"string","description":"Host from which the indexer gets data. ","description_kind":"plain","optional":true,"computed":true},"id":{"type":"string","description_kind":"plain","optional":true,"computed":true},"name":{"type":"string","description":"Required. The port number of this input.","description_kind":"plain","required":true},"restrict_to_host":{"type":"string","description":"Allows for restricting this input to only accept data from the host specified here.","description_kind":"plain","optional":true,"computed":true}},"block_types":{"acl":{"nesting_mode":"list","block":{"attributes":{"app":{"type":"string","description":"The app context for the resource. Required for updating saved search ACL properties. Allowed values are:The name of an app and system","description_kind":"plain","optional":true,"computed":true},"can_change_perms":{"type":"bool","description":"Indicates if the active user can change permissions for this object. Defaults to true.","description_kind":"plain","optional":true,"computed":true},"can_share_app":{"type":"bool","description":"Indicates if the active user can change sharing to app level. Defaults to true.","description_kind":"plain","optional":true,"computed":true},"can_share_global":{"type":"bool","description":"Indicates if the active user can change sharing to system level. Defaults to true.","description_kind":"plain","optional":true,"computed":true},"can_share_user":{"type":"bool","description":"Indicates if the active user can change sharing to user level. Defaults to true.","description_kind":"plain","optional":true,"computed":true},"can_write":{"type":"bool","description":"Indicates if the active user can edit this object. Defaults to true.","description_kind":"plain","optional":true,"computed":true},"owner":{"type":"string","description":"User name of resource owner. Defaults to the resource creator. Required for updating any knowledge object ACL properties.nobody = All users may access the resource, but write access to the resource might be restricted.","description_kind":"plain","optional":true,"computed":true},"read":{"type":["list","string"],"description":"Properties that indicate resource read permissions.","description_kind":"plain","optional":true,"computed":true},"removable":{"type":"bool","description":"Indicates whether an admin or user with sufficient permissions can delete the entity.","description_kind":"plain","optional":true,"computed":true},"sharing":{"type":"string","description":"Indicates how the resource is shared. Required for updating any knowledge object ACL properties.app: Shared within a specific appglobal: (Default) Shared globally to all apps.user: Private to a user","description_kind":"plain","optional":true,"computed":true},"write":{"type":["list","string"],"description":"Properties that indicate write permissions of the resource.","description_kind":"plain","optional":true,"computed":true}},"description_kind":"plain"},"max_items":1}},"description_kind":"plain"}},"splunk_inputs_tcp_raw":{"version":0,"block":{"attributes":{"connection_host":{"type":"string","description":"Valid values: (ip | dns | none)Set the host for the remote server that is sending data.ip sets the host to the IP address of the remote server sending data.dns sets the host to the reverse DNS entry for the IP address of the remote server sending data.none leaves the host as specified in inputs.conf, which is typically the Splunk system hostname.Default value is dns. ","description_kind":"plain","optional":true,"computed":true},"disabled":{"type":"bool","description":"Indicates if input is disabled.","description_kind":"plain","optional":true,"computed":true},"host":{"type":"string","description":"Host from which the indexer gets data. ","description_kind":"plain","optional":true,"computed":true},"id":{"type":"string","description_kind":"plain","optional":true,"computed":true},"index":{"type":"string","description":"Index to store generated events. Defaults to default.","description_kind":"plain","optional":true,"computed":true},"name":{"type":"string","description":"Required. The input port which receives raw data.","description_kind":"plain","required":true},"queue":{"type":"string","description":"Valid values: (parsingQueue | indexQueue) Specifies where the input processor should deposit the events it reads. Defaults to parsingQueue.Set queue to parsingQueue to apply props.conf and other parsing rules to your data. Set queue to indexQueue to send your data directly into the index.","description_kind":"plain","optional":true,"computed":true},"raw_tcp_done_timeout":{"type":"number","description":" \tSpecifies in seconds the timeout value for adding a Done-key. Default value is 10 seconds. If a connection over the port specified by name remains idle after receiving data for specified number of seconds, it adds a Done-key. This implies the last event is completely received. ","description_kind":"plain","optional":true,"computed":true},"restrict_to_host":{"type":"string","description":"Allows for restricting this input to only accept data from the host specified here.","description_kind":"plain","optional":true,"computed":true},"source":{"type":"string","description":" \tSets the source key/field for events from this input. Defaults to the input file path.Sets the source key initial value. The key is used during parsing/indexing, in particular to set the source field during indexing.It is also the source field used at search time. As a convenience, the chosen string is prepended with 'source::'.Note: Overriding the source key is generally not recommended. Typically, the input layer provides a more accurate string to aid in problem analysis and investigation, accurately recording the file from which the data was retrieved. Consider use of source types, tagging, and search wildcards before overriding this value. ","description_kind":"plain","optional":true,"computed":true},"sourcetype":{"type":"string","description":"Set the source type for events from this input. \"sourcetype=\" is automatically prepended to \u003cstring\u003e.Defaults to audittrail (if signedaudit=true) or fschange (if signedaudit=false).","description_kind":"plain","optional":true,"computed":true}},"block_types":{"acl":{"nesting_mode":"list","block":{"attributes":{"app":{"type":"string","description":"The app context for the resource. Required for updating saved search ACL properties. Allowed values are:The name of an app and system","description_kind":"plain","optional":true,"computed":true},"can_change_perms":{"type":"bool","description":"Indicates if the active user can change permissions for this object. Defaults to true.","description_kind":"plain","optional":true,"computed":true},"can_share_app":{"type":"bool","description":"Indicates if the active user can change sharing to app level. Defaults to true.","description_kind":"plain","optional":true,"computed":true},"can_share_global":{"type":"bool","description":"Indicates if the active user can change sharing to system level. Defaults to true.","description_kind":"plain","optional":true,"computed":true},"can_share_user":{"type":"bool","description":"Indicates if the active user can change sharing to user level. Defaults to true.","description_kind":"plain","optional":true,"computed":true},"can_write":{"type":"bool","description":"Indicates if the active user can edit this object. Defaults to true.","description_kind":"plain","optional":true,"computed":true},"owner":{"type":"string","description":"User name of resource owner. Defaults to the resource creator. Required for updating any knowledge object ACL properties.nobody = All users may access the resource, but write access to the resource might be restricted.","description_kind":"plain","optional":true,"computed":true},"read":{"type":["list","string"],"description":"Properties that indicate resource read permissions.","description_kind":"plain","optional":true,"computed":true},"removable":{"type":"bool","description":"Indicates whether an admin or user with sufficient permissions can delete the entity.","description_kind":"plain","optional":true,"computed":true},"sharing":{"type":"string","description":"Indicates how the resource is shared. Required for updating any knowledge object ACL properties.app: Shared within a specific appglobal: (Default) Shared globally to all apps.user: Private to a user","description_kind":"plain","optional":true,"computed":true},"write":{"type":["list","string"],"description":"Properties that indicate write permissions of the resource.","description_kind":"plain","optional":true,"computed":true}},"description_kind":"plain"},"max_items":1}},"description_kind":"plain"}},"splunk_inputs_tcp_splunk_tcp_token":{"version":0,"block":{"attributes":{"id":{"type":"string","description_kind":"plain","optional":true,"computed":true},"name":{"type":"string","description":"Required. Name for the token to create.","description_kind":"plain","required":true},"token":{"type":"string","description":"Optional. Token value to use. If unspecified, a token is generated automatically.","description_kind":"plain","optional":true,"computed":true}},"block_types":{"acl":{"nesting_mode":"list","block":{"attributes":{"app":{"type":"string","description":"The app context for the resource. Required for updating saved search ACL properties. Allowed values are:The name of an app and system","description_kind":"plain","optional":true,"computed":true},"can_change_perms":{"type":"bool","description":"Indicates if the active user can change permissions for this object. Defaults to true.","description_kind":"plain","optional":true,"computed":true},"can_share_app":{"type":"bool","description":"Indicates if the active user can change sharing to app level. Defaults to true.","description_kind":"plain","optional":true,"computed":true},"can_share_global":{"type":"bool","description":"Indicates if the active user can change sharing to system level. Defaults to true.","description_kind":"plain","optional":true,"computed":true},"can_share_user":{"type":"bool","description":"Indicates if the active user can change sharing to user level. Defaults to true.","description_kind":"plain","optional":true,"computed":true},"can_write":{"type":"bool","description":"Indicates if the active user can edit this object. Defaults to true.","description_kind":"plain","optional":true,"computed":true},"owner":{"type":"string","description":"User name of resource owner. Defaults to the resource creator. Required for updating any knowledge object ACL properties.nobody = All users may access the resource, but write access to the resource might be restricted.","description_kind":"plain","optional":true,"computed":true},"read":{"type":["list","string"],"description":"Properties that indicate resource read permissions.","description_kind":"plain","optional":true,"computed":true},"removable":{"type":"bool","description":"Indicates whether an admin or user with sufficient permissions can delete the entity.","description_kind":"plain","optional":true,"computed":true},"sharing":{"type":"string","description":"Indicates how the resource is shared. Required for updating any knowledge object ACL properties.app: Shared within a specific appglobal: (Default) Shared globally to all apps.user: Private to a user","description_kind":"plain","optional":true,"computed":true},"write":{"type":["list","string"],"description":"Properties that indicate write permissions of the resource.","description_kind":"plain","optional":true,"computed":true}},"description_kind":"plain"},"max_items":1}},"description_kind":"plain"}},"splunk_inputs_tcp_ssl":{"version":0,"block":{"attributes":{"disabled":{"type":"bool","description":"Indicates if input is disabled.","description_kind":"plain","optional":true,"computed":true},"id":{"type":"string","description_kind":"plain","optional":true,"computed":true},"password":{"type":"string","description":"Server certificate password, if any.","description_kind":"plain","optional":true,"computed":true,"sensitive":true},"require_client_cert":{"type":"bool","description":"Determines whether a client must authenticate.","description_kind":"plain","optional":true,"computed":true},"root_ca":{"type":"string","description":"Certificate authority list (root file)","description_kind":"plain","optional":true,"computed":true},"server_cert":{"type":"string","description":"Full path to the server certificate.","description_kind":"plain","optional":true,"computed":true}},"description_kind":"plain"}},"splunk_inputs_udp":{"version":0,"block":{"attributes":{"connection_host":{"type":"string","description":"Valid values: (ip | dns | none)Set the host for the remote server that is sending data.ip sets the host to the IP address of the remote server sending data.dns sets the host to the reverse DNS entry for the IP address of the remote server sending data.none leaves the host as specified in inputs.conf, which is typically the Splunk system hostname.Default value is ip. ","description_kind":"plain","optional":true,"computed":true},"disabled":{"type":"bool","description":"Indicates if input is disabled.","description_kind":"plain","optional":true,"computed":true},"host":{"type":"string","description":"The value to populate in the host field for incoming events. This is used during parsing/indexing, in particular to set the host field. It is also the host field used at search time.","description_kind":"plain","optional":true,"computed":true},"id":{"type":"string","description_kind":"plain","optional":true,"computed":true},"index":{"type":"string","description":"Which index events from this input should be stored in. Defaults to default.","description_kind":"plain","optional":true,"computed":true},"name":{"type":"string","description":"Required. The UDP port that this input should listen on.","description_kind":"plain","required":true},"no_appending_timestamp":{"type":"bool","description":"If set to true, prevents Splunk software from prepending a timestamp and hostname to incoming events.","description_kind":"plain","optional":true,"computed":true},"no_priority_stripping":{"type":"bool","description":"If set to true, Splunk software does not remove the priority field from incoming syslog events. ","description_kind":"plain","optional":true,"computed":true},"queue":{"type":"string","description":"Which queue events from this input should be sent to. Generally this does not need to be changed.","description_kind":"plain","optional":true,"computed":true},"restrict_to_host":{"type":"string","description":"Restrict incoming connections on this port to the host specified here. If this is not set, the value specified in [udp://\u003cremote server\u003e:\u003cport\u003e] in inputs.conf is used.","description_kind":"plain","optional":true,"computed":true},"source":{"type":"string","description":"The value to populate in the source field for incoming events. The same source should not be used for multiple data inputs.","description_kind":"plain","optional":true,"computed":true},"sourcetype":{"type":"string","description":"The value to populate in the sourcetype field for incoming events.","description_kind":"plain","optional":true,"computed":true}},"block_types":{"acl":{"nesting_mode":"list","block":{"attributes":{"app":{"type":"string","description":"The app context for the resource. Required for updating saved search ACL properties. Allowed values are:The name of an app and system","description_kind":"plain","optional":true,"computed":true},"can_change_perms":{"type":"bool","description":"Indicates if the active user can change permissions for this object. Defaults to true.","description_kind":"plain","optional":true,"computed":true},"can_share_app":{"type":"bool","description":"Indicates if the active user can change sharing to app level. Defaults to true.","description_kind":"plain","optional":true,"computed":true},"can_share_global":{"type":"bool","description":"Indicates if the active user can change sharing to system level. Defaults to true.","description_kind":"plain","optional":true,"computed":true},"can_share_user":{"type":"bool","description":"Indicates if the active user can change sharing to user level. Defaults to true.","description_kind":"plain","optional":true,"computed":true},"can_write":{"type":"bool","description":"Indicates if the active user can edit this object. Defaults to true.","description_kind":"plain","optional":true,"computed":true},"owner":{"type":"string","description":"User name of resource owner. Defaults to the resource creator. Required for updating any knowledge object ACL properties.nobody = All users may access the resource, but write access to the resource might be restricted.","description_kind":"plain","optional":true,"computed":true},"read":{"type":["list","string"],"description":"Properties that indicate resource read permissions.","description_kind":"plain","optional":true,"computed":true},"removable":{"type":"bool","description":"Indicates whether an admin or user with sufficient permissions can delete the entity.","description_kind":"plain","optional":true,"computed":true},"sharing":{"type":"string","description":"Indicates how the resource is shared. Required for updating any knowledge object ACL properties.app: Shared within a specific appglobal: (Default) Shared globally to all apps.user: Private to a user","description_kind":"plain","optional":true,"computed":true},"write":{"type":["list","string"],"description":"Properties that indicate write permissions of the resource.","description_kind":"plain","optional":true,"computed":true}},"description_kind":"plain"},"max_items":1}},"description_kind":"plain"}},"splunk_outputs_tcp_default":{"version":0,"block":{"attributes":{"default_group":{"type":"string","description":"Comma-separated list of one or more target group names, specified later in [tcpout:\u003ctarget_group\u003e] stanzas of outputs.conf.spec file.The forwarder sends all data to the specified groups. If you do not want to forward data automatically, do not set this attribute. Can be overridden by an inputs.conf _TCP_ROUTING setting, which in turn can be overridden by a props.conf/transforms.conf modifier.","description_kind":"plain","optional":true,"computed":true},"disabled":{"type":"bool","description":"Disables default tcpout settings","description_kind":"plain","optional":true,"computed":true},"drop_events_on_queue_full":{"type":"number","description":"If set to a positive number, wait the specified number of seconds before throwing out all new events until the output queue has space. Defaults to -1 (do not drop events).CAUTION: Do not set this value to a positive integer if you are monitoring files.Setting this to -1 or 0 causes the output queue to block when it gets full, which causes further blocking up the processing chain. If any target group queue is blocked, no more data reaches any other target group.Using auto load-balancing is the best way to minimize this condition, because, in that case, multiple receivers must be down (or jammed up) before queue blocking can occur. ","description_kind":"plain","optional":true,"computed":true},"heartbeat_frequency":{"type":"number","description":"How often (in seconds) to send a heartbeat packet to the receiving server.Heartbeats are only sent if sendCookedData=true. Defaults to 30 seconds. ","description_kind":"plain","optional":true,"computed":true},"id":{"type":"string","description_kind":"plain","optional":true,"computed":true},"index_and_forward":{"type":"bool","description":"Specifies whether to index all data locally, in addition to forwarding it. Defaults to false.This is known as an \"index-and-forward\" configuration. This attribute is only available for heavy forwarders. It is available only at the top level [tcpout] stanza in outputs.conf. It cannot be overridden in a target group. ","description_kind":"plain","optional":true,"computed":true},"max_queue_size":{"type":"string","description":"Specify an integer or integer[KB|MB|GB].Sets the maximum size of the forwarder output queue. It also sets the maximum size of the wait queue to 3x this value, if you have enabled indexer acknowledgment (useACK=true).Although the wait queue and the output queues are both configured by this attribute, they are separate queues. The setting determines the maximum size of the queue in-memory (RAM) buffer.For heavy forwarders sending parsed data, maxQueueSize is the maximum number of events. Since events are typically much shorter than data blocks, the memory consumed by the queue on a parsing forwarder is likely to be much smaller than on a non-parsing forwarder, if you use this version of the setting.If specified as a lone integer (for example, maxQueueSize=100), maxQueueSize indicates the maximum number of queued events (for parsed data) or blocks of data (for unparsed data). A block of data is approximately 64KB. For non-parsing forwarders, such as universal forwarders, that send unparsed data, maxQueueSize is the maximum number of data blocks.If specified as an integer followed by KB, MB, or GB (for example, maxQueueSize=100MB), maxQueueSize indicates the maximum RAM allocated to the queue buffer. Defaults to 500KB (which means a maximum size of 500KB for the output queue and 1500KB for the wait queue, if any). ","description_kind":"plain","optional":true,"computed":true},"name":{"type":"string","description":"Configuration to be edited. The only valid value is tcpout","description_kind":"plain","required":true},"send_cooked_data":{"type":"bool","description":"If true, events are cooked (processed by Splunk software). If false, events are raw and untouched prior to sending. Defaults to true. Set to false if you are sending to a third-party system. ","description_kind":"plain","optional":true,"computed":true}},"block_types":{"acl":{"nesting_mode":"list","block":{"attributes":{"app":{"type":"string","description":"The app context for the resource. Required for updating saved search ACL properties. Allowed values are:The name of an app and system","description_kind":"plain","optional":true,"computed":true},"can_change_perms":{"type":"bool","description":"Indicates if the active user can change permissions for this object. Defaults to true.","description_kind":"plain","optional":true,"computed":true},"can_share_app":{"type":"bool","description":"Indicates if the active user can change sharing to app level. Defaults to true.","description_kind":"plain","optional":true,"computed":true},"can_share_global":{"type":"bool","description":"Indicates if the active user can change sharing to system level. Defaults to true.","description_kind":"plain","optional":true,"computed":true},"can_share_user":{"type":"bool","description":"Indicates if the active user can change sharing to user level. Defaults to true.","description_kind":"plain","optional":true,"computed":true},"can_write":{"type":"bool","description":"Indicates if the active user can edit this object. Defaults to true.","description_kind":"plain","optional":true,"computed":true},"owner":{"type":"string","description":"User name of resource owner. Defaults to the resource creator. Required for updating any knowledge object ACL properties.nobody = All users may access the resource, but write access to the resource might be restricted.","description_kind":"plain","optional":true,"computed":true},"read":{"type":["list","string"],"description":"Properties that indicate resource read permissions.","description_kind":"plain","optional":true,"computed":true},"removable":{"type":"bool","description":"Indicates whether an admin or user with sufficient permissions can delete the entity.","description_kind":"plain","optional":true,"computed":true},"sharing":{"type":"string","description":"Indicates how the resource is shared. Required for updating any knowledge object ACL properties.app: Shared within a specific appglobal: (Default) Shared globally to all apps.user: Private to a user","description_kind":"plain","optional":true,"computed":true},"write":{"type":["list","string"],"description":"Properties that indicate write permissions of the resource.","description_kind":"plain","optional":true,"computed":true}},"description_kind":"plain"},"max_items":1}},"description_kind":"plain"}},"splunk_outputs_tcp_group":{"version":0,"block":{"attributes":{"compressed":{"type":"bool","description":"If true, forwarder sends compressed data.If set to true, the receiver port must also have compression turned on. ","description_kind":"plain","optional":true,"computed":true},"disabled":{"type":"bool","description":"If true, disables the group.","description_kind":"plain","optional":true,"computed":true},"drop_events_on_queue_full":{"type":"number","description":"If set to a positive number, wait the specified number of seconds before throwing out all new events until the output queue has space. Defaults to -1 (do not drop events).CAUTION: Do not set this value to a positive integer if you are monitoring files.Setting this to -1 or 0 causes the output queue to block when it gets full, which causes further blocking up the processing chain. If any target group queue is blocked, no more data reaches any other target group.Using auto load-balancing is the best way to minimize this condition, because, in that case, multiple receivers must be down (or jammed up) before queue blocking can occur. ","description_kind":"plain","optional":true,"computed":true},"heartbeat_frequency":{"type":"number","description":" \tHow often (in seconds) to send a heartbeat packet to the receiving server.Heartbeats are only sent if sendCookedData=true. Defaults to 30 seconds. ","description_kind":"plain","optional":true,"computed":true},"id":{"type":"string","description_kind":"plain","optional":true,"computed":true},"max_queue_size":{"type":"string","description":"Specify an integer or integer[KB|MB|GB].Sets the maximum size of the forwarder output queue. It also sets the maximum size of the wait queue to 3x this value, if you have enabled indexer acknowledgment (useACK=true).Although the wait queue and the output queues are both configured by this attribute, they are separate queues. The setting determines the maximum size of the queue in-memory (RAM) buffer.For heavy forwarders sending parsed data, maxQueueSize is the maximum number of events. Since events are typically much shorter than data blocks, the memory consumed by the queue on a parsing forwarder is likely to be much smaller than on a non-parsing forwarder, if you use this version of the setting.If specified as a lone integer (for example, maxQueueSize=100), maxQueueSize indicates the maximum number of queued events (for parsed data) or blocks of data (for unparsed data). A block of data is approximately 64KB. For non-parsing forwarders, such as universal forwarders, that send unparsed data, maxQueueSize is the maximum number of data blocks.If specified as an integer followed by KB, MB, or GB (for example, maxQueueSize=100MB), maxQueueSize indicates the maximum RAM allocated to the queue buffer. Defaults to 500KB (which means a maximum size of 500KB for the output queue and 1500KB for the wait queue, if any). ","description_kind":"plain","optional":true,"computed":true},"method":{"type":"string","description":"Valid values: (tcpout | syslog). Specifies the type of output processor. ","description_kind":"plain","optional":true,"computed":true},"name":{"type":"string","description":"The name of the group of receivers.","description_kind":"plain","required":true},"send_cooked_data":{"type":"bool","description":"If true, events are cooked (processed by Splunk software). If false, events are raw and untouched prior to sending. Defaults to true. Set to false if you are sending to a third-party system. ","description_kind":"plain","optional":true,"computed":true},"servers":{"type":["list","string"],"description":"Comma-separated list of servers to include in the group.","description_kind":"plain","required":true},"token":{"type":"string","description":"Token value generated by the indexer after configuration.","description_kind":"plain","optional":true,"computed":true}},"block_types":{"acl":{"nesting_mode":"list","block":{"attributes":{"app":{"type":"string","description":"The app context for the resource. Required for updating saved search ACL properties. Allowed values are:The name of an app and system","description_kind":"plain","optional":true,"computed":true},"can_change_perms":{"type":"bool","description":"Indicates if the active user can change permissions for this object. Defaults to true.","description_kind":"plain","optional":true,"computed":true},"can_share_app":{"type":"bool","description":"Indicates if the active user can change sharing to app level. Defaults to true.","description_kind":"plain","optional":true,"computed":true},"can_share_global":{"type":"bool","description":"Indicates if the active user can change sharing to system level. Defaults to true.","description_kind":"plain","optional":true,"computed":true},"can_share_user":{"type":"bool","description":"Indicates if the active user can change sharing to user level. Defaults to true.","description_kind":"plain","optional":true,"computed":true},"can_write":{"type":"bool","description":"Indicates if the active user can edit this object. Defaults to true.","description_kind":"plain","optional":true,"computed":true},"owner":{"type":"string","description":"User name of resource owner. Defaults to the resource creator. Required for updating any knowledge object ACL properties.nobody = All users may access the resource, but write access to the resource might be restricted.","description_kind":"plain","optional":true,"computed":true},"read":{"type":["list","string"],"description":"Properties that indicate resource read permissions.","description_kind":"plain","optional":true,"computed":true},"removable":{"type":"bool","description":"Indicates whether an admin or user with sufficient permissions can delete the entity.","description_kind":"plain","optional":true,"computed":true},"sharing":{"type":"string","description":"Indicates how the resource is shared. Required for updating any knowledge object ACL properties.app: Shared within a specific appglobal: (Default) Shared globally to all apps.user: Private to a user","description_kind":"plain","optional":true,"computed":true},"write":{"type":["list","string"],"description":"Properties that indicate write permissions of the resource.","description_kind":"plain","optional":true,"computed":true}},"description_kind":"plain"},"max_items":1}},"description_kind":"plain"}},"splunk_outputs_tcp_server":{"version":0,"block":{"attributes":{"disabled":{"type":"bool","description":"Disables default tcpout settings","description_kind":"plain","optional":true,"computed":true},"id":{"type":"string","description_kind":"plain","optional":true,"computed":true},"method":{"type":"string","description":"Valid values: (clone | balance | autobalance)The data distribution method used when two or more servers exist in the same forwarder group. ","description_kind":"plain","optional":true,"computed":true},"name":{"type":"string","description":"\u003chost\u003e:\u003cport\u003e of the Splunk receiver. \u003chost\u003e can be either an ip address or server name. \u003cport\u003e is the that port that the Splunk receiver is listening on.","description_kind":"plain","required":true},"ssl_alt_name_to_check":{"type":"string","description":"The alternate name to match in the remote server's SSL certificate. ","description_kind":"plain","optional":true,"computed":true},"ssl_cert_path":{"type":"string","description":"The alternate name to match in the remote server's SSL certificate. ","description_kind":"plain","optional":true,"computed":true},"ssl_cipher":{"type":"string","description":"SSL Cipher in the form ALL:!aNULL:!eNULL:!LOW:!EXP:RC4+RSA:+HIGH:+MEDIUM ","description_kind":"plain","optional":true,"computed":true},"ssl_common_name_to_check":{"type":"string","description":"Check the common name of the server's certificate against this name.If there is no match, assume that Splunk Enterprise is not authenticated against this server. You must specify this setting if sslVerifyServerCert is true.","description_kind":"plain","optional":true,"computed":true},"ssl_password":{"type":"string","description":"The password associated with the CAcert.The default Splunk Enterprise CAcert uses the password password.","description_kind":"plain","optional":true,"computed":true,"sensitive":true},"ssl_root_ca_path":{"type":"string","description":"The path to the root certificate authority file (optional). ","description_kind":"plain","optional":true,"computed":true},"ssl_verify_server_cert":{"type":"bool","description":" \tIf true, make sure that the server you are connecting to is a valid one (authenticated). Both the common name and the alternate name of the server are then checked for a match.","description_kind":"plain","optional":true,"computed":true}},"block_types":{"acl":{"nesting_mode":"list","block":{"attributes":{"app":{"type":"string","description":"The app context for the resource. Required for updating saved search ACL properties. Allowed values are:The name of an app and system","description_kind":"plain","optional":true,"computed":true},"can_change_perms":{"type":"bool","description":"Indicates if the active user can change permissions for this object. Defaults to true.","description_kind":"plain","optional":true,"computed":true},"can_share_app":{"type":"bool","description":"Indicates if the active user can change sharing to app level. Defaults to true.","description_kind":"plain","optional":true,"computed":true},"can_share_global":{"type":"bool","description":"Indicates if the active user can change sharing to system level. Defaults to true.","description_kind":"plain","optional":true,"computed":true},"can_share_user":{"type":"bool","description":"Indicates if the active user can change sharing to user level. Defaults to true.","description_kind":"plain","optional":true,"computed":true},"can_write":{"type":"bool","description":"Indicates if the active user can edit this object. Defaults to true.","description_kind":"plain","optional":true,"computed":true},"owner":{"type":"string","description":"User name of resource owner. Defaults to the resource creator. Required for updating any knowledge object ACL properties.nobody = All users may access the resource, but write access to the resource might be restricted.","description_kind":"plain","optional":true,"computed":true},"read":{"type":["list","string"],"description":"Properties that indicate resource read permissions.","description_kind":"plain","optional":true,"computed":true},"removable":{"type":"bool","description":"Indicates whether an admin or user with sufficient permissions can delete the entity.","description_kind":"plain","optional":true,"computed":true},"sharing":{"type":"string","description":"Indicates how the resource is shared. Required for updating any knowledge object ACL properties.app: Shared within a specific appglobal: (Default) Shared globally to all apps.user: Private to a user","description_kind":"plain","optional":true,"computed":true},"write":{"type":["list","string"],"description":"Properties that indicate write permissions of the resource.","description_kind":"plain","optional":true,"computed":true}},"description_kind":"plain"},"max_items":1}},"description_kind":"plain"}},"splunk_outputs_tcp_syslog":{"version":0,"block":{"attributes":{"disabled":{"type":"bool","description":"Disables default tcpout settings","description_kind":"plain","optional":true,"computed":true},"id":{"type":"string","description_kind":"plain","optional":true,"computed":true},"name":{"type":"string","description":"Name of the syslog output group. This is name used when creating syslog configuration in outputs.conf.","description_kind":"plain","required":true},"priority":{"type":"number","description":"Sets syslog priority value.The priority value should specified as an integer. See $SPLUNK_HOME/etc/system/README/outputs.conf.spec for details. ","description_kind":"plain","optional":true,"computed":true},"server":{"type":"string","description":"host:port of the server where syslog data should be sent ","description_kind":"plain","optional":true,"computed":true},"syslog_sourcetype":{"type":"string","description":"Specifies a rule for handling data in addition to that provided by the \"syslog\" sourcetype. By default, there is no value for syslogSourceType.This string is used as a substring match against the sourcetype key. ","description_kind":"plain","optional":true,"computed":true},"timestamp_format":{"type":"string","description":"Format of timestamp to add at start of the events to be forwarded.The format is a strftime-style timestamp formatting string. See $SPLUNK_HOME/etc/system/README/outputs.conf.spec for details. ","description_kind":"plain","optional":true,"computed":true},"type":{"type":"string","description":"Protocol to use to send syslog data. Valid values: (tcp | udp ). ","description_kind":"plain","optional":true,"computed":true}},"block_types":{"acl":{"nesting_mode":"list","block":{"attributes":{"app":{"type":"string","description":"The app context for the resource. Required for updating saved search ACL properties. Allowed values are:The name of an app and system","description_kind":"plain","optional":true,"computed":true},"can_change_perms":{"type":"bool","description":"Indicates if the active user can change permissions for this object. Defaults to true.","description_kind":"plain","optional":true,"computed":true},"can_share_app":{"type":"bool","description":"Indicates if the active user can change sharing to app level. Defaults to true.","description_kind":"plain","optional":true,"computed":true},"can_share_global":{"type":"bool","description":"Indicates if the active user can change sharing to system level. Defaults to true.","description_kind":"plain","optional":true,"computed":true},"can_share_user":{"type":"bool","description":"Indicates if the active user can change sharing to user level. Defaults to true.","description_kind":"plain","optional":true,"computed":true},"can_write":{"type":"bool","description":"Indicates if the active user can edit this object. Defaults to true.","description_kind":"plain","optional":true,"computed":true},"owner":{"type":"string","description":"User name of resource owner. Defaults to the resource creator. Required for updating any knowledge object ACL properties.nobody = All users may access the resource, but write access to the resource might be restricted.","description_kind":"plain","optional":true,"computed":true},"read":{"type":["list","string"],"description":"Properties that indicate resource read permissions.","description_kind":"plain","optional":true,"computed":true},"removable":{"type":"bool","description":"Indicates whether an admin or user with sufficient permissions can delete the entity.","description_kind":"plain","optional":true,"computed":true},"sharing":{"type":"string","description":"Indicates how the resource is shared. Required for updating any knowledge object ACL properties.app: Shared within a specific appglobal: (Default) Shared globally to all apps.user: Private to a user","description_kind":"plain","optional":true,"computed":true},"write":{"type":["list","string"],"description":"Properties that indicate write permissions of the resource.","description_kind":"plain","optional":true,"computed":true}},"description_kind":"plain"},"max_items":1}},"description_kind":"plain"}},"splunk_saved_searches":{"version":1,"block":{"attributes":{"action_email":{"type":"bool","description":"The state of the email action. Read-only attribute. Value ignored on POST. Use actions to specify a list of enabled actions. Defaults to 0.","description_kind":"plain","computed":true},"action_email_auth_password":{"type":"string","description":"The password to use when authenticating with the SMTP server. Normally this value is set when editing the email settings, however you can set a clear text password here and it is encrypted on the next platform restart.Defaults to empty string.","description_kind":"plain","optional":true,"computed":true},"action_email_auth_username":{"type":"string","description":"The username to use when authenticating with the SMTP server. If this is empty string, no authentication is attempted. Defaults to empty stringNOTE: Your SMTP server might reject unauthenticated emails.","description_kind":"plain","optional":true,"computed":true},"action_email_bcc":{"type":"string","description":"BCC email address to use if action.email is enabled.","description_kind":"plain","optional":true,"computed":true},"action_email_cc":{"type":"string","description":"CC email address to use if action.email is enabled.","description_kind":"plain","optional":true,"computed":true},"action_email_command":{"type":"string","description":"The search command (or pipeline) which is responsible for executing the action.Generally the command is a template search pipeline which is realized with values from the saved search. To reference saved search field values wrap them in $, for example to reference the savedsearch name use $name$, to reference the search use $search$. ","description_kind":"plain","optional":true,"computed":true},"action_email_format":{"type":"string","description":"Valid values: (table | plain | html | raw | csv)Specify the format of text in the email. This value also applies to any attachments.","description_kind":"plain","optional":true,"computed":true},"action_email_from":{"type":"string","description":"Email address from which the email action originates.Defaults to splunk@$LOCALHOST or whatever value is set in alert_actions.conf.","description_kind":"plain","optional":true,"computed":true},"action_email_hostname":{"type":"string","description":"Sets the hostname used in the web link (url) sent in email actions.This value accepts two forms:hostname (for example, splunkserver, splunkserver.example.com) ","description_kind":"plain","optional":true,"computed":true},"action_email_include_results_link":{"type":"number","description":"Specify whether to include a link to the results. [1|0]","description_kind":"plain","optional":true,"computed":true},"action_email_include_search":{"type":"number","description":"Specify whether to include the search that caused an email to be sent. [1|0]","description_kind":"plain","optional":true,"computed":true},"action_email_include_trigger":{"type":"number","description":"Specify whether to show the trigger condition that caused the alert to fire. [1|0]","description_kind":"plain","optional":true,"computed":true},"action_email_include_trigger_time":{"type":"number","description":"Specify whether to show the time that the alert was fired. [1|0]","description_kind":"plain","optional":true,"computed":true},"action_email_include_view_link":{"type":"number","description":"Specify whether to show the title and a link to enable the user to edit the saved search. [1|0]","description_kind":"plain","optional":true,"computed":true},"action_email_inline":{"type":"bool","description":"Indicates whether the search results are contained in the body of the email.Results can be either inline or attached to an email. ","description_kind":"plain","optional":true,"computed":true},"action_email_mailserver":{"type":"string","description":"Set the address of the MTA server to be used to send the emails.Defaults to \u003cLOCALHOST\u003e or whatever is set in alert_actions.conf. ","description_kind":"plain","optional":true,"computed":true},"action_email_max_results":{"type":"number","description":"Sets the global maximum number of search results to send when email.action is enabled. Defaults to 100.","description_kind":"plain","optional":true,"computed":true},"action_email_max_time":{"type":"string","description":"Valid values are Integer[m|s|h|d].Specifies the maximum amount of time the execution of an email action takes before the action is aborted. Defaults to 5m.","description_kind":"plain","optional":true,"computed":true},"action_email_message_alert":{"type":"string","description":"Message sent in the emailed alert. Defaults to: The alert condition for '$name$' was triggered.","description_kind":"plain","optional":true,"computed":true},"action_email_message_report":{"type":"string","description":"Message sent in the emailed report. Defaults to: The scheduled report '$name$' has run.","description_kind":"plain","optional":true,"computed":true},"action_email_pdfview":{"type":"string","description":"The name of the view to deliver if sendpdf is enabled","description_kind":"plain","optional":true,"computed":true},"action_email_preprocess_results":{"type":"string","description":"Search string to preprocess results before emailing them. Defaults to empty string (no preprocessing).Usually the preprocessing consists of filtering out unwanted internal fields.","description_kind":"plain","optional":true,"computed":true},"action_email_report_cid_font_list":{"type":"string","description":"Space-separated list. Specifies the set (and load order) of CID fonts for handling Simplified Chinese(gb), Traditional Chinese(cns), Japanese(jp), and Korean(kor) in Integrated PDF Rendering.If multiple fonts provide a glyph for a given character code, the glyph from the first font specified in the list is used.To skip loading any CID fonts, specify the empty string.Defaults to 'gb cns jp kor'","description_kind":"plain","optional":true,"computed":true},"action_email_report_include_splunk_logo":{"type":"bool","description":"Indicates whether to include the Splunk logo with the report.","description_kind":"plain","optional":true,"computed":true},"action_email_report_paper_orientation":{"type":"string","description":"Valid values: (portrait | landscape)Specifies the paper orientation: portrait or landscape. Defaults to portrait.","description_kind":"plain","optional":true,"computed":true},"action_email_report_paper_size":{"type":"string","description":"Valid values: (letter | legal | ledger | a2 | a3 | a4 | a5)Specifies the paper size for PDFs. Defaults to letter.","description_kind":"plain","optional":true,"computed":true},"action_email_report_server_enabled":{"type":"bool","description":"No Supported","description_kind":"plain","optional":true,"computed":true},"action_email_report_server_url":{"type":"string","description":"Not supported.For a default locally installed report server, the URL is http://localhost:8091/","description_kind":"plain","optional":true,"computed":true},"action_email_send_csv":{"type":"number","description":"Specify whether to send results as a CSV file. Default: 0 (false).","description_kind":"plain","optional":true,"computed":true},"action_email_send_pdf":{"type":"bool","description":"Indicates whether to create and send the results as a PDF. Defaults to false.","description_kind":"plain","optional":true,"computed":true},"action_email_send_results":{"type":"bool","description":"Indicates whether to attach the search results in the email.Results can be either attached or inline. See action.email.inline.","description_kind":"plain","optional":true,"computed":true},"action_email_subject":{"type":"string","description":"Specifies an alternate email subject.Defaults to SplunkAlert-\u003csavedsearchname\u003e.","description_kind":"plain","optional":true,"computed":true},"action_email_to":{"type":"string","description":"A comma or semicolon separated list of recipient email addresses. Required if this search is scheduled and the email alert action is enabled.","description_kind":"plain","optional":true,"computed":true},"action_email_track_alert":{"type":"bool","description":"Indicates whether the execution of this action signifies a trackable alert.","description_kind":"plain","optional":true,"computed":true},"action_email_ttl":{"type":"string","description":"Valid values are Integer[p].Specifies the minimum time-to-live in seconds of the search artifacts if this action is triggered. If p follows \u003cInteger\u003e, int is the number of scheduled periods. Defaults to 86400 (24 hours).If no actions are triggered, the artifacts have their ttl determined by dispatch.ttl in savedsearches.conf.","description_kind":"plain","optional":true,"computed":true},"action_email_use_ssl":{"type":"bool","description":"Indicates whether to use SSL when communicating with the SMTP server. Defaults to false.","description_kind":"plain","optional":true,"computed":true},"action_email_use_tls":{"type":"bool","description":"Indicates whether to use TLS (transport layer security) when communicating with the SMTP server (starttls).Defaults to false.","description_kind":"plain","optional":true,"computed":true},"action_email_width_sort_columns":{"type":"bool","description":"Indicates whether columns should be sorted from least wide to most wide, left to right.Only valid if format=text.","description_kind":"plain","optional":true,"computed":true},"action_populate_lookup":{"type":"bool","description":"The state of the populate lookup action. Read-only attribute. Value ignored on POST. Use actions to specify a list of enabled actions. Defaults to 0.","description_kind":"plain","computed":true},"action_populate_lookup_command":{"type":"string","description":"The search command (or pipeline) which is responsible for executing the action.","description_kind":"plain","optional":true,"computed":true},"action_populate_lookup_dest":{"type":"string","description":"Lookup name of path of the lookup to populate","description_kind":"plain","optional":true,"computed":true},"action_populate_lookup_hostname":{"type":"string","description":"Sets the hostname used in the web link (url) sent in alert actions.This value accepts two forms: hostname (for example, splunkserver, splunkserver.example.com)\n\nprotocol://hostname:port (for example, http://splunkserver:8000, https://splunkserver.example.com:443)","description_kind":"plain","optional":true,"computed":true},"action_populate_lookup_max_results":{"type":"number","description":"Sets the maximum number of search results sent using alerts. Defaults to 100.","description_kind":"plain","optional":true,"computed":true},"action_populate_lookup_max_time":{"type":"number","description":"Valid values are: Integer[m|s|h|d]Sets the maximum amount of time the execution of an action takes before the action is aborted. Defaults to 5m.","description_kind":"plain","optional":true,"computed":true},"action_populate_lookup_track_alert":{"type":"bool","description":"Indicates whether the execution of this action signifies a trackable alert.","description_kind":"plain","optional":true,"computed":true},"action_populate_lookup_ttl":{"type":"string","description":"Valid values are Integer[p]Specifies the minimum time-to-live in seconds of the search artifacts if this action is triggered. If p follows Integer, then this specifies the number of scheduled periods. Defaults to 10p.","description_kind":"plain","optional":true,"computed":true},"action_rss":{"type":"bool","description":"The state of the rss action. Read-only attribute. Value ignored on POST.Use actions to specify a list of enabled actions. Defaults to 0.","description_kind":"plain","computed":true},"action_rss_command":{"type":"string","description":"The search command (or pipeline) which is responsible for executing the action.Generally the command is a template search pipeline which is realized with values from the saved search. To reference saved search field values wrap them in $, for example to reference the savedsearch name use $name$, to reference the search use $search$.","description_kind":"plain","optional":true,"computed":true},"action_rss_hostname":{"type":"string","description":"Sets the hostname used in the web link (url) sent in alert actions.This value accepts two forms:hostname (for example, splunkserver, splunkserver.example.com)\n\nprotocol://hostname:port (for example, http://splunkserver:8000, https://splunkserver.example.com:443)","description_kind":"plain","optional":true,"computed":true},"action_rss_max_results":{"type":"number","description":"Sets the maximum number of search results sent using alerts. Defaults to 100.","description_kind":"plain","optional":true,"computed":true},"action_rss_max_time":{"type":"number","description":"Valid values are Integer[m|s|h|d].Sets the maximum amount of time the execution of an action takes before the action is aborted. Defaults to 1m.","description_kind":"plain","optional":true,"computed":true},"action_rss_track_alert":{"type":"bool","description":"Indicates whether the execution of this action signifies a trackable alert.","description_kind":"plain","optional":true,"computed":true},"action_rss_ttl":{"type":"string","description":"Valid values are: Integer[p] Specifies the minimum time-to-live in seconds of the search artifacts if this action is triggered. If p follows Integer, specifies the number of scheduled periods. Defaults to 86400 (24 hours).","description_kind":"plain","optional":true,"computed":true},"action_script":{"type":"bool","description":"The state of the script action. Read-only attribute. Value ignored on POST. Use actions to specify a list of enabled actions. Defaults to 0.","description_kind":"plain","computed":true},"action_script_command":{"type":"string","description":"The search command (or pipeline) which is responsible for executing the action.Generally the command is a template search pipeline which is realized with values from the saved search. To reference saved search field values wrap them in $, for example to reference the savedsearch name use $name$, to reference the search use $search$.","description_kind":"plain","optional":true,"computed":true},"action_script_filename":{"type":"string","description":"File name of the script to call. Required if script action is enabled","description_kind":"plain","optional":true,"computed":true},"action_script_hostname":{"type":"string","description":"Sets the hostname used in the web link (url) sent in alert actions.This value accepts two forms:hostname (for example, splunkserver, splunkserver.example.com)\n\nprotocol://hostname:port (for example, http://splunkserver:8000, https://splunkserver.example.com:443)","description_kind":"plain","optional":true,"computed":true},"action_script_max_results":{"type":"number","description":"Sets the maximum number of search results sent using alerts. Defaults to 100.","description_kind":"plain","optional":true,"computed":true},"action_script_max_time":{"type":"number","description":"Valid values are Integer[m|s|h|d].Sets the maximum amount of time the execution of an action takes before the action is aborted. Defaults to 1m.","description_kind":"plain","optional":true,"computed":true},"action_script_track_alert":{"type":"bool","description":"Indicates whether the execution of this action signifies a trackable alert.","description_kind":"plain","optional":true,"computed":true},"action_script_ttl":{"type":"string","description":"Valid values are: Integer[p] Specifies the minimum time-to-live in seconds of the search artifacts if this action is triggered. If p follows Integer, specifies the number of scheduled periods. Defaults to 86400 (24 hours).","description_kind":"plain","optional":true,"computed":true},"action_slack_param_attachment":{"type":"string","description":"Optionally include a message attachment. Valid values are message, alert_link, or none","description_kind":"plain","optional":true},"action_slack_param_channel":{"type":"string","description":"Slack channel to send the message to (Should start with # or @)","description_kind":"plain","optional":true},"action_slack_param_fields":{"type":"string","description":"Show one or more fields from the search results below your Slack message. Comma-separated list of field names. Allows wildcards. eg. index,source*","description_kind":"plain","optional":true},"action_slack_param_message":{"type":"string","description":"Enter the chat message to send to the Slack channel. The message can include tokens that insert text based on the results of the search.","description_kind":"plain","optional":true},"action_slack_param_webhook_url_override":{"type":"string","description":"You can override the Slack webhook URL here if you need to send the alert message to a different Slack team.","description_kind":"plain","optional":true},"action_summary_index":{"type":"bool","description":"The state of the summary index action. Read-only attribute. Value ignored on POST. Use actions to specify a list of enabled actions. Defaults to 0.","description_kind":"plain","computed":true},"action_summary_index_command":{"type":"string","description":"The search command (or pipeline) which is responsible for executing the action.Generally the command is a template search pipeline which is realized with values from the saved search. To reference saved search field values wrap them in $, for example to reference the savedsearch name use $name$, to reference the search use $search$.","description_kind":"plain","optional":true,"computed":true},"action_summary_index_hostname":{"type":"string","description":"Sets the hostname used in the web link (url) sent in summary-index alert actions.This value accepts two forms:hostname (for example, splunkserver, splunkserver.example.com)protocol://hostname:port (for example, http://splunkserver:8000, https://splunkserver.example.com:443)","description_kind":"plain","optional":true,"computed":true},"action_summary_index_inline":{"type":"bool","description":"Determines whether to execute the summary indexing action as part of the scheduled search.NOTE: This option is considered only if the summary index action is enabled and is always executed (in other words, if counttype = always).Defaults to true ","description_kind":"plain","optional":true,"computed":true},"action_summary_index_max_results":{"type":"number","description":"Sets the maximum number of search results sent using alerts. Defaults to 100.","description_kind":"plain","optional":true,"computed":true},"action_summary_index_max_time":{"type":"number","description":"Valid values are Integer[m|s|h|d].Sets the maximum amount of time the execution of an action takes before the action is aborted. Defaults to 1m.","description_kind":"plain","optional":true,"computed":true},"action_summary_index_name":{"type":"string","description":"Specifies the name of the summary index where the results of the scheduled search are saved.Defaults to summary.","description_kind":"plain","optional":true,"computed":true},"action_summary_index_track_alert":{"type":"bool","description":"Indicates whether the execution of this action signifies a trackable alert.","description_kind":"plain","optional":true,"computed":true},"action_summary_index_ttl":{"type":"string","description":"Valid values are: Integer[p] Specifies the minimum time-to-live in seconds of the search artifacts if this action is triggered. If p follows Integer, specifies the number of scheduled periods. Defaults to 86400 (24 hours).","description_kind":"plain","optional":true,"computed":true},"action_webhook_param_url":{"type":"string","description":"URL to send the HTTP POST request to. Must be accessible from the Splunk server.","description_kind":"plain","optional":true},"actions":{"type":"string","description":"A comma-separated list of actions to enable. For example: rss,email ","description_kind":"plain","optional":true,"computed":true},"alert_comparator":{"type":"string","description":"One of the following strings: greater than, less than, equal to, rises by, drops by, rises by perc, drops by percUsed with alert_threshold to trigger alert actions.","description_kind":"plain","optional":true,"computed":true},"alert_condition":{"type":"string","description":"Contains a conditional search that is evaluated against the results of the saved search. Defaults to an empty string.","description_kind":"plain","optional":true,"computed":true},"alert_digest_mode":{"type":"bool","description":"Specifies whether alert actions are applied to the entire result set or on each individual result.Defaults to 1 (true).","description_kind":"plain","optional":true,"computed":true},"alert_expires":{"type":"string","description":"Valid values: [number][time-unit]Sets the period of time to show the alert in the dashboard. Defaults to 24h.Use [number][time-unit] to specify a time. For example: 60 = 60 seconds, 1m = 1 minute, 1h = 60 minutes = 1 hour.","description_kind":"plain","optional":true,"computed":true},"alert_severity":{"type":"number","description":"Valid values: (1 | 2 | 3 | 4 | 5 | 6) Sets the alert severity level.Valid values are:1 DEBUG 2 INFO 3 WARN 4 ERROR 5 SEVERE 6 FATAL Defaults to 3.","description_kind":"plain","optional":true,"computed":true},"alert_suppress":{"type":"bool","description":"Indicates whether alert suppression is enabled for this scheduled search.","description_kind":"plain","optional":true,"computed":true},"alert_suppress_fields":{"type":"string","description":"Comma delimited list of fields to use for suppression when doing per result alerting. Required if suppression is turned on and per result alerting is enabled.","description_kind":"plain","optional":true,"computed":true},"alert_suppress_period":{"type":"string","description":"Valid values: [number][time-unit] Specifies the suppresion period. Only valid if alert.supress is enabled.Use [number][time-unit] to specify a time. For example: 60 = 60 seconds, 1m = 1 minute, 1h = 60 minutes = 1 hour. ","description_kind":"plain","optional":true,"computed":true},"alert_threshold":{"type":"string","description":"Valid values are: Integer[%]Specifies the value to compare (see alert_comparator) before triggering the alert actions. If expressed as a percentage, indicates value to use when alert_comparator is set to rises by perc or drops by perc.","description_kind":"plain","optional":true,"computed":true},"alert_track":{"type":"bool","description":"Valid values: (true | false | auto) Specifies whether to track the actions triggered by this scheduled search.auto - determine whether to track or not based on the tracking setting of each action, do not track scheduled searches that always trigger actions. Default value true - force alert tracking.false - disable alert tracking for this search.","description_kind":"plain","optional":true,"computed":true},"alert_type":{"type":"string","description":"What to base the alert on, overriden by alert_condition if it is specified. Valid values are: always, custom, number of events, number of hosts, number of sources.","description_kind":"plain","optional":true,"computed":true},"allow_skew":{"type":"string","description":"Allows the search scheduler to distribute scheduled searches randomly and more evenly over their specified search periods.","description_kind":"plain","optional":true,"computed":true},"auto_summarize":{"type":"bool","description":"Indicates whether the scheduler should ensure that the data for this search is automatically summarized. Defaults to 0.","description_kind":"plain","optional":true,"computed":true},"auto_summarize_command":{"type":"string","description":"An auto summarization template for this search. See auto summarization options in savedsearches.conf for more details.","description_kind":"plain","optional":true,"computed":true},"auto_summarize_cron_schedule":{"type":"string","description":"Cron schedule that probes and generates the summaries for this saved search.The default value is */10 * * * * and corresponds to \"every ten hours\".","description_kind":"plain","optional":true,"computed":true},"auto_summarize_dispatch_earliest_time":{"type":"string","description":"A time string that specifies the earliest time for summarizing this search. Can be a relative or absolute time.If this value is an absolute time, use the dispatch.time_format to format the value.","description_kind":"plain","optional":true,"computed":true},"auto_summarize_dispatch_latest_time":{"type":"string","description":"A time string that specifies the latest time for summarizing this saved search. Can be a relative or absolute time.If this value is an absolute time, use the dispatch.time_format to format the value.","description_kind":"plain","optional":true,"computed":true},"auto_summarize_dispatch_time_format":{"type":"string","description":"Defines the time format that Splunk software uses to specify the earliest and latest time. Defaults to %FT%T.%Q%:z","description_kind":"plain","optional":true,"computed":true},"auto_summarize_dispatch_ttl":{"type":"string","description":"Valid values: Integer[p]. Defaults to 60.Indicates the time to live (in seconds) for the artifacts of the summarization of the scheduled search. ","description_kind":"plain","optional":true,"computed":true},"auto_summarize_max_disabled_buckets":{"type":"number","description":"The maximum number of buckets with the suspended summarization before the summarization search is completely stopped, and the summarization of the search is suspended for auto_summarize.suspend_period. Defaults to 2.","description_kind":"plain","optional":true,"computed":true},"auto_summarize_max_summary_ratio":{"type":"number","description":"The maximum ratio of summary_size/bucket_size, which specifies when to stop summarization and deem it unhelpful for a bucket. Defaults to 0.1 Note: The test is only performed if the summary size is larger than auto_summarize.max_summary_size.","description_kind":"plain","optional":true,"computed":true},"auto_summarize_max_summary_size":{"type":"number","description":"The minimum summary size, in bytes, before testing whether the summarization is helpful.The default value is 52428800 and is equivalent to 5MB. ","description_kind":"plain","optional":true,"computed":true},"auto_summarize_max_time":{"type":"number","description":"Maximum time (in seconds) that the summary search is allowed to run. Defaults to 3600.Note: This is an approximate time. The summary search stops at clean bucket boundaries. ","description_kind":"plain","optional":true,"computed":true},"auto_summarize_suspend_period":{"type":"string","description":"Time specfier indicating when to suspend summarization of this search if the summarization is deemed unhelpful.Defaults to 24h. ","description_kind":"plain","optional":true,"computed":true},"auto_summarize_timespan":{"type":"string","description":"The list of time ranges that each summarized chunk should span. This comprises the list of available granularity levels for which summaries would be available. Specify a comma delimited list of time specifiers.For example a timechart over the last month whose granuality is at the day level should set this to 1d. If you need the same data summarized at the hour level for weekly charts, use: 1h,1d. ","description_kind":"plain","optional":true,"computed":true},"cron_schedule":{"type":"string","description":"Valid values: cron stringThe cron schedule to execute this search. For example: */5 * * * * causes the search to execute every 5 minutes. ","description_kind":"plain","optional":true,"computed":true},"description":{"type":"string","description":"Human-readable description of this saved search. Defaults to empty string. ","description_kind":"plain","optional":true,"computed":true},"disabled":{"type":"bool","description":"Indicates if the saved search is enabled. Defaults to 0.Disabled saved searches are not visible in Splunk Web. ","description_kind":"plain","optional":true,"computed":true},"dispatch_buckets":{"type":"number","description":"The maximum number of timeline buckets. Defaults to 0. ","description_kind":"plain","optional":true,"computed":true},"dispatch_earliest_time":{"type":"string","description":"A time string that specifies the earliest time for this search. Can be a relative or absolute time.If this value is an absolute time, use the dispatch.time_format to format the value.","description_kind":"plain","optional":true,"computed":true},"dispatch_index_earliest":{"type":"string","description":"A time string that specifies the latest time for this search. Can be a relative or absolute time.If this value is an absolute time, use the dispatch.time_format to format the value.","description_kind":"plain","optional":true,"computed":true},"dispatch_index_latest":{"type":"string","description":"A time string that specifies the earliest time for this search. Can be a relative or absolute time.If this value is an absolute time, use the dispatch.time_format to format the value.","description_kind":"plain","optional":true,"computed":true},"dispatch_indexed_realtime":{"type":"bool","description":"A time string that specifies the earliest time for this search. Can be a relative or absolute time.If this value is an absolute time, use the dispatch.time_format to format the value. ","description_kind":"plain","optional":true,"computed":true},"dispatch_indexed_realtime_minspan":{"type":"number","description":"Allows for a per-job override of the [search] indexed_realtime_disk_sync_delay setting in limits.conf.","description_kind":"plain","optional":true,"computed":true},"dispatch_indexed_realtime_offset":{"type":"number","description":"Allows for a per-job override of the [search] indexed_realtime_disk_sync_delay setting in limits.conf.","description_kind":"plain","optional":true,"computed":true},"dispatch_latest_time":{"type":"string","description":"A time string that specifies the latest time for this saved search. Can be a relative or absolute time.If this value is an absolute time, use the dispatch.time_format to format the value.","description_kind":"plain","optional":true,"computed":true},"dispatch_lookups":{"type":"bool","description":"Enables or disables the lookups for this search. Defaults to 1. ","description_kind":"plain","optional":true,"computed":true},"dispatch_max_count":{"type":"number","description":"The maximum number of results before finalizing the search. Defaults to 500000. ","description_kind":"plain","optional":true,"computed":true},"dispatch_max_time":{"type":"number","description":"Indicates the maximum amount of time (in seconds) before finalizing the search. Defaults to 0. ","description_kind":"plain","optional":true,"computed":true},"dispatch_reduce_freq":{"type":"number","description":"Specifies, in seconds, how frequently the MapReduce reduce phase runs on accumulated map values. Defaults to 10.","description_kind":"plain","optional":true,"computed":true},"dispatch_rt_backfill":{"type":"bool","description":"Whether to back fill the real time window for this search. Parameter valid only if this is a real time search. Defaults to 0.","description_kind":"plain","optional":true,"computed":true},"dispatch_rt_maximum_span":{"type":"number","description":"Allows for a per-job override of the [search] indexed_realtime_maximum_span setting in limits.conf.","description_kind":"plain","optional":true,"computed":true},"dispatch_spawn_process":{"type":"bool","description":"Specifies whether a new search process spawns when this saved search is executed. Defaults to 1. Searches against indexes must run in a separate process. ","description_kind":"plain","optional":true,"computed":true},"dispatch_time_format":{"type":"string","description":"A time format string that defines the time format for specifying the earliest and latest time. Defaults to %FT%T.%Q%:z","description_kind":"plain","optional":true,"computed":true},"dispatch_ttl":{"type":"string","description":"Valid values: Integer[p]. Defaults to 2p.Indicates the time to live (in seconds) for the artifacts of the scheduled search, if no actions are triggered. ","description_kind":"plain","optional":true,"computed":true},"display_view":{"type":"string","description":"Defines the default UI view name (not label) in which to load the results. Accessibility is subject to the user having sufficient permissions.","description_kind":"plain","optional":true,"computed":true},"id":{"type":"string","description_kind":"plain","optional":true,"computed":true},"is_scheduled":{"type":"bool","description":"Whether this search is to be run on a schedule ","description_kind":"plain","optional":true,"computed":true},"is_visible":{"type":"bool","description":"Specifies whether this saved search should be listed in the visible saved search list. Defaults to 1. ","description_kind":"plain","optional":true},"max_concurrent":{"type":"number","description":"The maximum number of concurrent instances of this search the scheduler is allowed to run. Defaults to 1. ","description_kind":"plain","optional":true,"computed":true},"name":{"type":"string","description":"A name for the search.","description_kind":"plain","required":true},"realtime_schedule":{"type":"bool","description":"Defaults to 1. Controls the way the scheduler computes the next execution time of a scheduled search. If this value is set to 1, the scheduler bases its determination of the next scheduled search execution time on the current time. If this value is set to 0, the scheduler bases its determination of the next scheduled search on the last search execution time. This is called continuous scheduling. If set to 0, the scheduler never skips scheduled execution periods. However, the execution of the saved search might fall behind depending on the scheduler load. Use continuous scheduling whenever you enable the summary index option.","description_kind":"plain","optional":true,"computed":true},"request_ui_dispatch_app":{"type":"string","description":"Specifies a field used by Splunk Web to denote the app this search should be dispatched in. ","description_kind":"plain","optional":true,"computed":true},"request_ui_dispatch_view":{"type":"string","description":"Specifies a field used by Splunk Web to denote the view this search should be displayed in. ","description_kind":"plain","optional":true,"computed":true},"restart_on_searchpeer_add":{"type":"bool","description":"Specifies whether to restart a real-time search managed by the scheduler when a search peer becomes available for this saved search. Defaults to 1. ","description_kind":"plain","optional":true,"computed":true},"run_on_startup":{"type":"bool","description":"Indicates whether this search runs at startup. If it does not run on startup, it runs at the next scheduled time. Defaults to 0. Set to 1 for scheduled searches that populate lookup tables. ","description_kind":"plain","optional":true,"computed":true},"schedule_priority":{"type":"string","description":"Raises the scheduling priority of the named search. Defaults to Default","description_kind":"plain","optional":true,"computed":true},"schedule_window":{"type":"string","description":"Time window (in minutes) during which the search has lower priority. Defaults to 0. The scheduler can give higher priority to more critical searches during this window. The window must be smaller than the search period.Set to auto to let the scheduler determine the optimal window value automatically. Requires the edit_search_schedule_window capability to override auto. ","description_kind":"plain","optional":true,"computed":true},"search":{"type":"string","description":"Required when creating a new search","description_kind":"plain","required":true},"vsid":{"type":"string","description":"Defines the viewstate id associated with the UI view listed in 'displayview'. ","description_kind":"plain","optional":true,"computed":true},"workload_pool":{"type":"string","description":"Specifies the new workload pool where the existing running search will be placed.","description_kind":"plain","optional":true,"computed":true}},"block_types":{"acl":{"nesting_mode":"list","block":{"attributes":{"app":{"type":"string","description":"The app context for the resource. Required for updating saved search ACL properties. Allowed values are:The name of an app and system","description_kind":"plain","optional":true,"computed":true},"can_change_perms":{"type":"bool","description":"Indicates if the active user can change permissions for this object. Defaults to true.","description_kind":"plain","optional":true,"computed":true},"can_share_app":{"type":"bool","description":"Indicates if the active user can change sharing to app level. Defaults to true.","description_kind":"plain","optional":true,"computed":true},"can_share_global":{"type":"bool","description":"Indicates if the active user can change sharing to system level. Defaults to true.","description_kind":"plain","optional":true,"computed":true},"can_share_user":{"type":"bool","description":"Indicates if the active user can change sharing to user level. Defaults to true.","description_kind":"plain","optional":true,"computed":true},"can_write":{"type":"bool","description":"Indicates if the active user can edit this object. Defaults to true.","description_kind":"plain","optional":true,"computed":true},"owner":{"type":"string","description":"User name of resource owner. Defaults to the resource creator. Required for updating any knowledge object ACL properties.nobody = All users may access the resource, but write access to the resource might be restricted.","description_kind":"plain","optional":true,"computed":true},"read":{"type":["list","string"],"description":"Properties that indicate resource read permissions.","description_kind":"plain","optional":true,"computed":true},"removable":{"type":"bool","description":"Indicates whether an admin or user with sufficient permissions can delete the entity.","description_kind":"plain","optional":true,"computed":true},"sharing":{"type":"string","description":"Indicates how the resource is shared. Required for updating any knowledge object ACL properties.app: Shared within a specific appglobal: (Default) Shared globally to all apps.user: Private to a user","description_kind":"plain","optional":true,"computed":true},"write":{"type":["list","string"],"description":"Properties that indicate write permissions of the resource.","description_kind":"plain","optional":true,"computed":true}},"description_kind":"plain"},"max_items":1}},"description_kind":"plain"}},"splunk_sh_indexes_manager":{"version":0,"block":{"attributes":{"datatype":{"type":"string","description":"Valid values: (event | metric). Specifies the type of index.","description_kind":"plain","optional":true,"computed":true},"frozen_time_period_in_secs":{"type":"string","description":"Number of seconds after which indexed data rolls to frozen. Defaults to 188697600 (6 years).\n\t\t\t\tFreezing data means it is removed from the index. If you need to archive your data, refer to coldToFrozenDir and coldToFrozenScript parameter documentation.","description_kind":"plain","optional":true},"id":{"type":"string","description_kind":"plain","optional":true,"computed":true},"max_global_raw_data_size_mb":{"type":"string","description":"The maximum size of an index (in MB). If an index grows larger than the maximum size, the oldest data is frozen.","description_kind":"plain","optional":true},"name":{"type":"string","description":"The name of the index to create.","description_kind":"plain","required":true}},"block_types":{"acl":{"nesting_mode":"list","block":{"attributes":{"app":{"type":"string","description":"The app context for the resource. Required for updating saved search ACL properties. Allowed values are:The name of an app and system","description_kind":"plain","optional":true,"computed":true},"can_change_perms":{"type":"bool","description":"Indicates if the active user can change permissions for this object. Defaults to true.","description_kind":"plain","optional":true,"computed":true},"can_share_app":{"type":"bool","description":"Indicates if the active user can change sharing to app level. Defaults to true.","description_kind":"plain","optional":true,"computed":true},"can_share_global":{"type":"bool","description":"Indicates if the active user can change sharing to system level. Defaults to true.","description_kind":"plain","optional":true,"computed":true},"can_share_user":{"type":"bool","description":"Indicates if the active user can change sharing to user level. Defaults to true.","description_kind":"plain","optional":true,"computed":true},"can_write":{"type":"bool","description":"Indicates if the active user can edit this object. Defaults to true.","description_kind":"plain","optional":true,"computed":true},"owner":{"type":"string","description":"User name of resource owner. Defaults to the resource creator. Required for updating any knowledge object ACL properties.nobody = All users may access the resource, but write access to the resource might be restricted.","description_kind":"plain","optional":true,"computed":true},"read":{"type":["list","string"],"description":"Properties that indicate resource read permissions.","description_kind":"plain","optional":true,"computed":true},"removable":{"type":"bool","description":"Indicates whether an admin or user with sufficient permissions can delete the entity.","description_kind":"plain","optional":true,"computed":true},"sharing":{"type":"string","description":"Indicates how the resource is shared. Required for updating any knowledge object ACL properties.app: Shared within a specific appglobal: (Default) Shared globally to all apps.user: Private to a user","description_kind":"plain","optional":true,"computed":true},"write":{"type":["list","string"],"description":"Properties that indicate write permissions of the resource.","description_kind":"plain","optional":true,"computed":true}},"description_kind":"plain"},"max_items":1}},"description_kind":"plain"}}}}}}
