{"format_version":"0.2","provider_schemas":{"registry.terraform.io/splunk/splunkconfig":{"provider":{"version":0,"block":{"attributes":{"configuration":{"type":"string","description":"YAML content containing the abstracted configuration. Exactly one of `configuration`, `configuration_file`, or `configuration_path` must be set.","description_kind":"plain","optional":true},"configuration_file":{"type":"string","description":"Full path to YAML file containing the abstracted configuration. Exactly one of `configuration`, `configuration_file`, or `configuration_path` must be set.","description_kind":"plain","optional":true},"configuration_path":{"type":"string","description":"Full path to directory containing one or more YAML files containing the abstracted configuration. Exactly one of `configuration`, `configuration_file`, or `configuration_path` must be set.","description_kind":"plain","optional":true}},"description_kind":"plain"}},"resource_schemas":{"splunkconfig_app_auto_version":{"version":0,"block":{"attributes":{"app_id":{"type":"string","description":"ID of the app","description_kind":"plain","required":true},"base_version":{"type":"string","description":"Version of the app, directly from the provider","description_kind":"plain","computed":true},"effective_version":{"type":"string","description":"Version of the app, accounting for patch count","description_kind":"plain","computed":true},"files":{"type":["list",["object",{"content":"string","path":"string"}]],"description":"File content of the app","description_kind":"plain","computed":true},"id":{"type":"string","description_kind":"plain","optional":true,"computed":true},"patch_count":{"type":"number","description":"Number of patches to the app since setting/changing its version","description_kind":"plain","computed":true}},"description":"Generate an App's version based on content changes.","description_kind":"plain"}},"splunkconfig_app_package":{"version":0,"block":{"attributes":{"app_id":{"type":"string","description":"ID of the app","description_kind":"plain","required":true},"base_version":{"type":"string","description":"Version of the app, directly from the provider","description_kind":"plain","computed":true},"effective_version":{"type":"string","description":"Version of the app, accounting for patch count","description_kind":"plain","computed":true},"files":{"type":["list",["object",{"content":"string","path":"string"}]],"description":"File content of the app","description_kind":"plain","computed":true},"id":{"type":"string","description_kind":"plain","optional":true,"computed":true},"patch_count":{"type":"number","description":"Number of patches to the app since setting/changing its version","description_kind":"plain","computed":true},"path":{"type":"string","description":"Path in which to create the app file","description_kind":"plain","required":true},"tarball_path":{"type":"string","description":"Full path of the generated tarball","description_kind":"plain","computed":true}},"description":"Create a tarball for an app. Generated app.conf's version will be automatically incremented when app content changes.","description_kind":"plain","deprecated":true}}},"data_source_schemas":{"splunkconfig_app_attributes":{"version":0,"block":{"attributes":{"acl_read":{"type":["list","string"],"description":"App read roles","description_kind":"plain","computed":true},"acl_sharing":{"type":"string","description":"App sharing","description_kind":"plain","computed":true},"acl_write":{"type":["list","string"],"description":"App write roles","description_kind":"plain","computed":true},"app_id":{"type":"string","description":"ID of the app","description_kind":"plain","required":true},"author":{"type":"string","description":"App author","description_kind":"plain","computed":true},"check_for_updates":{"type":"bool","description":"App updating checking","description_kind":"plain","computed":true},"description":{"type":"string","description":"App description","description_kind":"plain","computed":true},"id":{"type":"string","description_kind":"plain","optional":true,"computed":true},"is_visible":{"type":"bool","description":"App visibility","description_kind":"plain","computed":true},"name":{"type":"string","description":"App name","description_kind":"plain","computed":true},"version":{"type":"string","description":"App version","description_kind":"plain","computed":true}},"description":"Get attributes for a specific app","description_kind":"plain"}},"splunkconfig_app_ids":{"version":0,"block":{"attributes":{"app_ids":{"type":["list","string"],"description":"List of App IDs in the Splunk Configuration","description_kind":"plain","computed":true},"id":{"type":"string","description_kind":"plain","optional":true,"computed":true}},"block_types":{"exclude_tag":{"nesting_mode":"list","block":{"attributes":{"name":{"type":"string","description":"Name of the tag","description_kind":"plain","required":true},"values":{"type":["list","string"],"description":"Values of the tag","description_kind":"plain","required":true}},"description":"Tags to exclude for returned App IDs","description_kind":"plain"}},"require_tag":{"nesting_mode":"list","block":{"attributes":{"name":{"type":"string","description":"Name of the tag","description_kind":"plain","required":true},"values":{"type":["list","string"],"description":"Values of the tag","description_kind":"plain","required":true}},"description":"Tags to require for returned App IDs","description_kind":"plain"}}},"description":"Return App IDs from the Splunk Configuration","description_kind":"plain"}},"splunkconfig_app_package":{"version":0,"block":{"attributes":{"app_id":{"type":"string","description":"ID of the app","description_kind":"plain","required":true},"effective_version":{"type":"string","description":"Version of the app, accounting for patch count","description_kind":"plain","computed":true},"id":{"type":"string","description_kind":"plain","optional":true,"computed":true},"patch_count":{"type":"number","description":"Patch count to apply to the app's version","description_kind":"plain","optional":true},"path":{"type":"string","description":"Path in which to create the app file","description_kind":"plain","required":true},"tarball_path":{"type":"string","description":"Full path of the generated tarball","description_kind":"plain","computed":true}},"description":"Create a tarball for an app.","description_kind":"plain"}},"splunkconfig_lookup_attributes":{"version":0,"block":{"attributes":{"field_names":{"type":["list","string"],"description":"List of fields in the lookup","description_kind":"plain","computed":true},"id":{"type":"string","description_kind":"plain","optional":true,"computed":true},"lookup_name":{"type":"string","description":"Name of the lookup","description_kind":"plain","required":true},"row_number_field":{"type":"string","description":"Name of field to hold the row number. If not set, no field will be created for row numbers.","description_kind":"plain","optional":true},"rows":{"type":["list",["map","string"]],"description":"List of rows in the lookup","description_kind":"plain","computed":true}},"description":"Get fields and rows for a specific lookup","description_kind":"plain"}},"splunkconfig_role_attributes":{"version":0,"block":{"attributes":{"capabilities":{"type":["list","string"],"description":"List of capabilities assigned to the role","description_kind":"plain","computed":true},"cumulative_realtime_search_jobs_quota":{"type":"number","description":"Cumulative real-time search jobs quota applied to the role","description_kind":"plain","computed":true},"cumulative_search_jobs_quota":{"type":"number","description":"Cumulative search jobs quota applied to the role","description_kind":"plain","computed":true},"id":{"type":"string","description_kind":"plain","optional":true,"computed":true},"imported_roles":{"type":["list","string"],"description":"List of roles imported by the role","description_kind":"plain","computed":true},"realtime_search_jobs_quota":{"type":"number","description":"Real-time search jobs quota applied to the role","description_kind":"plain","computed":true},"role_name":{"type":"string","description":"Name of the role","description_kind":"plain","required":true},"search_disk_quota":{"type":"number","description":"Search disk quota applied to the role","description_kind":"plain","computed":true},"search_filter":{"type":"string","description":"Search filter applied to the role","description_kind":"plain","computed":true},"search_indexes_allowed":{"type":["list","string"],"description":"List of indexes searchable by the role","description_kind":"plain","computed":true},"search_jobs_quota":{"type":"number","description":"Search jobs quota applied to the role","description_kind":"plain","computed":true},"search_time_win":{"type":"number","description":"Search time window applied to the role","description_kind":"plain","computed":true}},"description":"Get attributes for a specific role","description_kind":"plain"}},"splunkconfig_role_names":{"version":0,"block":{"attributes":{"id":{"type":"string","description_kind":"plain","optional":true,"computed":true},"role_names":{"type":["list","string"],"description":"List of Role Names in the Splunk Configuration","description_kind":"plain","computed":true}},"description":"Return Role Names from the Splunk Configuration","description_kind":"plain"}},"splunkconfig_saml_group_attributes":{"version":0,"block":{"attributes":{"id":{"type":"string","description_kind":"plain","optional":true,"computed":true},"roles":{"type":["list","string"],"description":"List of roles associated with the SAML group","description_kind":"plain","computed":true},"saml_group_name":{"type":"string","description":"Name of the SAML group","description_kind":"plain","required":true}},"description":"Get attributes for a specific SAML group","description_kind":"plain"}},"splunkconfig_saml_group_names":{"version":0,"block":{"attributes":{"id":{"type":"string","description_kind":"plain","optional":true,"computed":true},"saml_group_names":{"type":["list","string"],"description":"List of SAML Group Names in the Splunk Configuration","description_kind":"plain","computed":true}},"description":"Return SAML Group Names from the Splunk Configuration","description_kind":"plain"}},"splunkconfig_user_attributes":{"version":0,"block":{"attributes":{"email":{"type":"string","description":"Email address of the user","description_kind":"plain","computed":true},"force_change_pass":{"type":"bool","description":"Force password change status of the user","description_kind":"plain","computed":true},"id":{"type":"string","description_kind":"plain","optional":true,"computed":true},"password":{"type":"string","description":"Password of the user","description_kind":"plain","computed":true,"sensitive":true},"realname":{"type":"string","description":"Real name of the user","description_kind":"plain","computed":true},"roles":{"type":["list","string"],"description":"Cumulative real-time search jobs quota applied to the role","description_kind":"plain","computed":true},"user_name":{"type":"string","description":"Name of the user","description_kind":"plain","required":true}},"description":"Get attributes for a specific user","description_kind":"plain"}},"splunkconfig_user_names":{"version":0,"block":{"attributes":{"id":{"type":"string","description_kind":"plain","optional":true,"computed":true},"user_names":{"type":["list","string"],"description":"List of User Names in the Splunk Configuration","description_kind":"plain","computed":true}},"description":"Return User Names from the Splunk Configuration","description_kind":"plain"}}}}}}
