{"format_version":"0.2","provider_schemas":{"registry.terraform.io/strongdm/sdm":{"provider":{"version":0,"block":{"attributes":{"api_access_key":{"type":"string","description":"A GUID identifying the API key used to authenticate with the StrongDM API.","description_kind":"plain","optional":true},"api_secret_key":{"type":"string","description":"A base64 encoded secret key used to authenticate with the StrongDM API.","description_kind":"plain","optional":true},"host":{"type":"string","description":"The host and port of the StrongDM API endpoint.","description_kind":"plain","optional":true}},"description_kind":"plain"}},"resource_schemas":{"sdm_account":{"version":0,"block":{"attributes":{"id":{"type":"string","description_kind":"plain","optional":true,"computed":true}},"block_types":{"service":{"nesting_mode":"list","block":{"attributes":{"name":{"type":"string","description":"Unique human-readable name of the Service.","description_kind":"plain","required":true},"suspended":{"type":"bool","description":"The Service's suspended state.","description_kind":"plain","optional":true},"tags":{"type":["map","string"],"description":"Tags is a map of key, value pairs.","description_kind":"plain","optional":true},"token":{"type":"string","description_kind":"plain","computed":true,"sensitive":true}},"description_kind":"plain"}},"timeouts":{"nesting_mode":"single","block":{"attributes":{"default":{"type":"string","description_kind":"plain","optional":true}},"description_kind":"plain"}},"user":{"nesting_mode":"list","block":{"attributes":{"email":{"type":"string","description":"The User's email address. Must be unique.","description_kind":"plain","required":true},"first_name":{"type":"string","description":"The User's first name.","description_kind":"plain","required":true},"last_name":{"type":"string","description":"The User's last name.","description_kind":"plain","required":true},"suspended":{"type":"bool","description":"The User's suspended state.","description_kind":"plain","optional":true},"tags":{"type":["map","string"],"description":"Tags is a map of key, value pairs.","description_kind":"plain","optional":true}},"description_kind":"plain"}}},"description_kind":"plain"}},"sdm_account_attachment":{"version":0,"block":{"attributes":{"account_id":{"type":"string","description":"The id of the account of this AccountAttachment.","description_kind":"plain","required":true},"id":{"type":"string","description_kind":"plain","optional":true,"computed":true},"role_id":{"type":"string","description":"The id of the attached role of this AccountAttachment.","description_kind":"plain","required":true}},"block_types":{"timeouts":{"nesting_mode":"single","block":{"attributes":{"default":{"type":"string","description_kind":"plain","optional":true}},"description_kind":"plain"}}},"description_kind":"plain"}},"sdm_account_grant":{"version":0,"block":{"attributes":{"account_id":{"type":"string","description":"The id of the attached role of this AccountGrant.","description_kind":"plain","required":true},"id":{"type":"string","description_kind":"plain","optional":true,"computed":true},"resource_id":{"type":"string","description":"The id of the composite role of this AccountGrant.","description_kind":"plain","required":true}},"block_types":{"timeouts":{"nesting_mode":"single","block":{"attributes":{"default":{"type":"string","description_kind":"plain","optional":true}},"description_kind":"plain"}}},"description_kind":"plain"}},"sdm_node":{"version":0,"block":{"attributes":{"id":{"type":"string","description_kind":"plain","optional":true,"computed":true}},"block_types":{"gateway":{"nesting_mode":"list","block":{"attributes":{"bind_address":{"type":"string","description":"The hostname/port tuple which the gateway daemon will bind to.\n If not provided on create, set to \"0.0.0.0:\u003clisten_address_port\u003e\".","description_kind":"plain","optional":true},"listen_address":{"type":"string","description":"The public hostname/port tuple at which the gateway will be accessible to clients.","description_kind":"plain","required":true},"name":{"type":"string","description":"Unique human-readable name of the Gateway. Node names must include only letters, numbers, and hyphens (no spaces, underscores, or other special characters). Generated if not provided on create.","description_kind":"plain","optional":true},"tags":{"type":["map","string"],"description":"Tags is a map of key, value pairs.","description_kind":"plain","optional":true},"token":{"type":"string","description_kind":"plain","computed":true,"sensitive":true}},"description_kind":"plain"}},"relay":{"nesting_mode":"list","block":{"attributes":{"name":{"type":"string","description":"Unique human-readable name of the Relay. Node names must include only letters, numbers, and hyphens (no spaces, underscores, or other special characters). Generated if not provided on create.","description_kind":"plain","optional":true},"tags":{"type":["map","string"],"description":"Tags is a map of key, value pairs.","description_kind":"plain","optional":true},"token":{"type":"string","description_kind":"plain","computed":true,"sensitive":true}},"description_kind":"plain"}},"timeouts":{"nesting_mode":"single","block":{"attributes":{"default":{"type":"string","description_kind":"plain","optional":true}},"description_kind":"plain"}}},"description_kind":"plain"}},"sdm_resource":{"version":0,"block":{"attributes":{"id":{"type":"string","description_kind":"plain","optional":true,"computed":true}},"block_types":{"aks":{"nesting_mode":"list","block":{"attributes":{"certificate_authority":{"type":"string","description_kind":"plain","optional":true,"sensitive":true},"client_certificate":{"type":"string","description_kind":"plain","optional":true,"sensitive":true},"client_key":{"type":"string","description_kind":"plain","optional":true,"sensitive":true},"healthcheck_namespace":{"type":"string","description_kind":"plain","optional":true},"hostname":{"type":"string","description_kind":"plain","required":true},"name":{"type":"string","description":"Unique human-readable name of the Resource.","description_kind":"plain","required":true},"port":{"type":"number","description_kind":"plain","required":true},"tags":{"type":["map","string"],"description":"Tags is a map of key, value pairs.","description_kind":"plain","optional":true}},"description_kind":"plain"}},"aks_basic_auth":{"nesting_mode":"list","block":{"attributes":{"healthcheck_namespace":{"type":"string","description_kind":"plain","optional":true},"hostname":{"type":"string","description_kind":"plain","required":true},"name":{"type":"string","description":"Unique human-readable name of the Resource.","description_kind":"plain","required":true},"password":{"type":"string","description_kind":"plain","required":true,"sensitive":true},"port":{"type":"number","description_kind":"plain","required":true},"tags":{"type":["map","string"],"description":"Tags is a map of key, value pairs.","description_kind":"plain","optional":true},"username":{"type":"string","description_kind":"plain","required":true}},"description_kind":"plain"}},"aks_service_account":{"nesting_mode":"list","block":{"attributes":{"healthcheck_namespace":{"type":"string","description_kind":"plain","optional":true},"hostname":{"type":"string","description_kind":"plain","required":true},"name":{"type":"string","description":"Unique human-readable name of the Resource.","description_kind":"plain","required":true},"port":{"type":"number","description_kind":"plain","required":true},"tags":{"type":["map","string"],"description":"Tags is a map of key, value pairs.","description_kind":"plain","optional":true},"token":{"type":"string","description_kind":"plain","required":true,"sensitive":true}},"description_kind":"plain"}},"amazon_eks":{"nesting_mode":"list","block":{"attributes":{"access_key":{"type":"string","description_kind":"plain","required":true},"certificate_authority":{"type":"string","description_kind":"plain","required":true,"sensitive":true},"cluster_name":{"type":"string","description_kind":"plain","required":true},"endpoint":{"type":"string","description_kind":"plain","required":true},"healthcheck_namespace":{"type":"string","description_kind":"plain","optional":true},"name":{"type":"string","description":"Unique human-readable name of the Resource.","description_kind":"plain","required":true},"region":{"type":"string","description_kind":"plain","required":true},"role_arn":{"type":"string","description_kind":"plain","optional":true},"secret_access_key":{"type":"string","description_kind":"plain","required":true,"sensitive":true},"tags":{"type":["map","string"],"description":"Tags is a map of key, value pairs.","description_kind":"plain","optional":true}},"description_kind":"plain"}},"amazon_es":{"nesting_mode":"list","block":{"attributes":{"access_key":{"type":"string","description_kind":"plain","optional":true},"endpoint":{"type":"string","description_kind":"plain","optional":true},"name":{"type":"string","description":"Unique human-readable name of the Resource.","description_kind":"plain","required":true},"port_override":{"type":"number","description_kind":"plain","computed":true},"region":{"type":"string","description_kind":"plain","required":true},"secret_access_key":{"type":"string","description_kind":"plain","optional":true,"sensitive":true},"tags":{"type":["map","string"],"description":"Tags is a map of key, value pairs.","description_kind":"plain","optional":true}},"description_kind":"plain"}},"athena":{"nesting_mode":"list","block":{"attributes":{"access_key":{"type":"string","description_kind":"plain","required":true},"name":{"type":"string","description":"Unique human-readable name of the Resource.","description_kind":"plain","required":true},"output":{"type":"string","description_kind":"plain","required":true},"port_override":{"type":"number","description_kind":"plain","computed":true},"region":{"type":"string","description_kind":"plain","optional":true},"secret_access_key":{"type":"string","description_kind":"plain","required":true,"sensitive":true},"tags":{"type":["map","string"],"description":"Tags is a map of key, value pairs.","description_kind":"plain","optional":true}},"description_kind":"plain"}},"aurora_mysql":{"nesting_mode":"list","block":{"attributes":{"database":{"type":"string","description_kind":"plain","required":true},"hostname":{"type":"string","description_kind":"plain","required":true},"name":{"type":"string","description":"Unique human-readable name of the Resource.","description_kind":"plain","required":true},"password":{"type":"string","description_kind":"plain","required":true,"sensitive":true},"port":{"type":"number","description_kind":"plain","optional":true},"port_override":{"type":"number","description_kind":"plain","computed":true},"tags":{"type":["map","string"],"description":"Tags is a map of key, value pairs.","description_kind":"plain","optional":true},"username":{"type":"string","description_kind":"plain","required":true}},"description_kind":"plain"}},"aurora_postgres":{"nesting_mode":"list","block":{"attributes":{"database":{"type":"string","description_kind":"plain","required":true},"hostname":{"type":"string","description_kind":"plain","required":true},"name":{"type":"string","description":"Unique human-readable name of the Resource.","description_kind":"plain","required":true},"override_database":{"type":"bool","description_kind":"plain","optional":true},"password":{"type":"string","description_kind":"plain","required":true,"sensitive":true},"port":{"type":"number","description_kind":"plain","optional":true},"port_override":{"type":"number","description_kind":"plain","computed":true},"tags":{"type":["map","string"],"description":"Tags is a map of key, value pairs.","description_kind":"plain","optional":true},"username":{"type":"string","description_kind":"plain","required":true}},"description_kind":"plain"}},"big_query":{"nesting_mode":"list","block":{"attributes":{"endpoint":{"type":"string","description_kind":"plain","required":true},"name":{"type":"string","description":"Unique human-readable name of the Resource.","description_kind":"plain","required":true},"port_override":{"type":"number","description_kind":"plain","computed":true},"private_key":{"type":"string","description_kind":"plain","required":true,"sensitive":true},"project":{"type":"string","description_kind":"plain","required":true},"tags":{"type":["map","string"],"description":"Tags is a map of key, value pairs.","description_kind":"plain","optional":true},"username":{"type":"string","description_kind":"plain","optional":true}},"description_kind":"plain"}},"cassandra":{"nesting_mode":"list","block":{"attributes":{"hostname":{"type":"string","description_kind":"plain","required":true},"name":{"type":"string","description":"Unique human-readable name of the Resource.","description_kind":"plain","required":true},"password":{"type":"string","description_kind":"plain","required":true,"sensitive":true},"port":{"type":"number","description_kind":"plain","optional":true},"port_override":{"type":"number","description_kind":"plain","computed":true},"tags":{"type":["map","string"],"description":"Tags is a map of key, value pairs.","description_kind":"plain","optional":true},"tls_required":{"type":"bool","description_kind":"plain","optional":true},"username":{"type":"string","description_kind":"plain","required":true}},"description_kind":"plain"}},"citus":{"nesting_mode":"list","block":{"attributes":{"database":{"type":"string","description_kind":"plain","required":true},"hostname":{"type":"string","description_kind":"plain","required":true},"name":{"type":"string","description":"Unique human-readable name of the Resource.","description_kind":"plain","required":true},"override_database":{"type":"bool","description_kind":"plain","optional":true},"password":{"type":"string","description_kind":"plain","required":true,"sensitive":true},"port":{"type":"number","description_kind":"plain","optional":true},"port_override":{"type":"number","description_kind":"plain","computed":true},"tags":{"type":["map","string"],"description":"Tags is a map of key, value pairs.","description_kind":"plain","optional":true},"username":{"type":"string","description_kind":"plain","required":true}},"description_kind":"plain"}},"clustrix":{"nesting_mode":"list","block":{"attributes":{"database":{"type":"string","description_kind":"plain","required":true},"hostname":{"type":"string","description_kind":"plain","required":true},"name":{"type":"string","description":"Unique human-readable name of the Resource.","description_kind":"plain","required":true},"password":{"type":"string","description_kind":"plain","required":true,"sensitive":true},"port":{"type":"number","description_kind":"plain","optional":true},"port_override":{"type":"number","description_kind":"plain","computed":true},"tags":{"type":["map","string"],"description":"Tags is a map of key, value pairs.","description_kind":"plain","optional":true},"username":{"type":"string","description_kind":"plain","required":true}},"description_kind":"plain"}},"cockroach":{"nesting_mode":"list","block":{"attributes":{"database":{"type":"string","description_kind":"plain","required":true},"hostname":{"type":"string","description_kind":"plain","required":true},"name":{"type":"string","description":"Unique human-readable name of the Resource.","description_kind":"plain","required":true},"override_database":{"type":"bool","description_kind":"plain","optional":true},"password":{"type":"string","description_kind":"plain","required":true,"sensitive":true},"port":{"type":"number","description_kind":"plain","optional":true},"port_override":{"type":"number","description_kind":"plain","computed":true},"tags":{"type":["map","string"],"description":"Tags is a map of key, value pairs.","description_kind":"plain","optional":true},"username":{"type":"string","description_kind":"plain","required":true}},"description_kind":"plain"}},"db_2_i":{"nesting_mode":"list","block":{"attributes":{"hostname":{"type":"string","description_kind":"plain","required":true},"name":{"type":"string","description":"Unique human-readable name of the Resource.","description_kind":"plain","required":true},"password":{"type":"string","description_kind":"plain","required":true,"sensitive":true},"port":{"type":"number","description_kind":"plain","optional":true},"port_override":{"type":"number","description_kind":"plain","computed":true},"tags":{"type":["map","string"],"description":"Tags is a map of key, value pairs.","description_kind":"plain","optional":true},"tls_required":{"type":"bool","description_kind":"plain","optional":true},"username":{"type":"string","description_kind":"plain","required":true}},"description_kind":"plain"}},"db_2_luw":{"nesting_mode":"list","block":{"attributes":{"database":{"type":"string","description_kind":"plain","required":true},"hostname":{"type":"string","description_kind":"plain","required":true},"name":{"type":"string","description":"Unique human-readable name of the Resource.","description_kind":"plain","required":true},"password":{"type":"string","description_kind":"plain","required":true,"sensitive":true},"port":{"type":"number","description_kind":"plain","optional":true},"port_override":{"type":"number","description_kind":"plain","computed":true},"tags":{"type":["map","string"],"description":"Tags is a map of key, value pairs.","description_kind":"plain","optional":true},"username":{"type":"string","description_kind":"plain","required":true}},"description_kind":"plain"}},"druid":{"nesting_mode":"list","block":{"attributes":{"hostname":{"type":"string","description_kind":"plain","required":true},"name":{"type":"string","description":"Unique human-readable name of the Resource.","description_kind":"plain","required":true},"password":{"type":"string","description_kind":"plain","optional":true,"sensitive":true},"port":{"type":"number","description_kind":"plain","optional":true},"port_override":{"type":"number","description_kind":"plain","computed":true},"tags":{"type":["map","string"],"description":"Tags is a map of key, value pairs.","description_kind":"plain","optional":true},"username":{"type":"string","description_kind":"plain","optional":true}},"description_kind":"plain"}},"dynamo_db":{"nesting_mode":"list","block":{"attributes":{"access_key":{"type":"string","description_kind":"plain","required":true},"endpoint":{"type":"string","description_kind":"plain","required":true},"name":{"type":"string","description":"Unique human-readable name of the Resource.","description_kind":"plain","required":true},"port_override":{"type":"number","description_kind":"plain","computed":true},"region":{"type":"string","description_kind":"plain","required":true},"secret_access_key":{"type":"string","description_kind":"plain","required":true,"sensitive":true},"tags":{"type":["map","string"],"description":"Tags is a map of key, value pairs.","description_kind":"plain","optional":true}},"description_kind":"plain"}},"elastic":{"nesting_mode":"list","block":{"attributes":{"hostname":{"type":"string","description_kind":"plain","required":true},"name":{"type":"string","description":"Unique human-readable name of the Resource.","description_kind":"plain","required":true},"password":{"type":"string","description_kind":"plain","required":true,"sensitive":true},"port":{"type":"number","description_kind":"plain","optional":true},"port_override":{"type":"number","description_kind":"plain","computed":true},"tags":{"type":["map","string"],"description":"Tags is a map of key, value pairs.","description_kind":"plain","optional":true},"tls_required":{"type":"bool","description_kind":"plain","optional":true},"username":{"type":"string","description_kind":"plain","required":true}},"description_kind":"plain"}},"elasticache_redis":{"nesting_mode":"list","block":{"attributes":{"hostname":{"type":"string","description_kind":"plain","required":true},"name":{"type":"string","description":"Unique human-readable name of the Resource.","description_kind":"plain","required":true},"password":{"type":"string","description_kind":"plain","optional":true,"sensitive":true},"port":{"type":"number","description_kind":"plain","optional":true},"port_override":{"type":"number","description_kind":"plain","computed":true},"tags":{"type":["map","string"],"description":"Tags is a map of key, value pairs.","description_kind":"plain","optional":true},"tls_required":{"type":"bool","description_kind":"plain","optional":true}},"description_kind":"plain"}},"google_gke":{"nesting_mode":"list","block":{"attributes":{"certificate_authority":{"type":"string","description_kind":"plain","required":true,"sensitive":true},"endpoint":{"type":"string","description_kind":"plain","required":true},"healthcheck_namespace":{"type":"string","description_kind":"plain","optional":true},"name":{"type":"string","description":"Unique human-readable name of the Resource.","description_kind":"plain","required":true},"service_account_key":{"type":"string","description_kind":"plain","required":true,"sensitive":true},"tags":{"type":["map","string"],"description":"Tags is a map of key, value pairs.","description_kind":"plain","optional":true}},"description_kind":"plain"}},"greenplum":{"nesting_mode":"list","block":{"attributes":{"database":{"type":"string","description_kind":"plain","required":true},"hostname":{"type":"string","description_kind":"plain","required":true},"name":{"type":"string","description":"Unique human-readable name of the Resource.","description_kind":"plain","required":true},"override_database":{"type":"bool","description_kind":"plain","optional":true},"password":{"type":"string","description_kind":"plain","required":true,"sensitive":true},"port":{"type":"number","description_kind":"plain","optional":true},"port_override":{"type":"number","description_kind":"plain","computed":true},"tags":{"type":["map","string"],"description":"Tags is a map of key, value pairs.","description_kind":"plain","optional":true},"username":{"type":"string","description_kind":"plain","required":true}},"description_kind":"plain"}},"http_auth":{"nesting_mode":"list","block":{"attributes":{"auth_header":{"type":"string","description_kind":"plain","required":true,"sensitive":true},"default_path":{"type":"string","description_kind":"plain","optional":true},"headers_blacklist":{"type":"string","description_kind":"plain","optional":true},"healthcheck_path":{"type":"string","description_kind":"plain","required":true},"name":{"type":"string","description":"Unique human-readable name of the Resource.","description_kind":"plain","required":true},"subdomain":{"type":"string","description_kind":"plain","required":true},"tags":{"type":["map","string"],"description":"Tags is a map of key, value pairs.","description_kind":"plain","optional":true},"url":{"type":"string","description_kind":"plain","required":true}},"description_kind":"plain"}},"http_basic_auth":{"nesting_mode":"list","block":{"attributes":{"default_path":{"type":"string","description_kind":"plain","optional":true},"headers_blacklist":{"type":"string","description_kind":"plain","optional":true},"healthcheck_path":{"type":"string","description_kind":"plain","required":true},"name":{"type":"string","description":"Unique human-readable name of the Resource.","description_kind":"plain","required":true},"password":{"type":"string","description_kind":"plain","optional":true,"sensitive":true},"subdomain":{"type":"string","description_kind":"plain","required":true},"tags":{"type":["map","string"],"description":"Tags is a map of key, value pairs.","description_kind":"plain","optional":true},"url":{"type":"string","description_kind":"plain","required":true},"username":{"type":"string","description_kind":"plain","optional":true}},"description_kind":"plain"}},"http_no_auth":{"nesting_mode":"list","block":{"attributes":{"default_path":{"type":"string","description_kind":"plain","optional":true},"headers_blacklist":{"type":"string","description_kind":"plain","optional":true},"healthcheck_path":{"type":"string","description_kind":"plain","required":true},"name":{"type":"string","description":"Unique human-readable name of the Resource.","description_kind":"plain","required":true},"subdomain":{"type":"string","description_kind":"plain","required":true},"tags":{"type":["map","string"],"description":"Tags is a map of key, value pairs.","description_kind":"plain","optional":true},"url":{"type":"string","description_kind":"plain","required":true}},"description_kind":"plain"}},"kubernetes":{"nesting_mode":"list","block":{"attributes":{"certificate_authority":{"type":"string","description_kind":"plain","optional":true,"sensitive":true},"client_certificate":{"type":"string","description_kind":"plain","optional":true,"sensitive":true},"client_key":{"type":"string","description_kind":"plain","optional":true,"sensitive":true},"healthcheck_namespace":{"type":"string","description_kind":"plain","optional":true},"hostname":{"type":"string","description_kind":"plain","required":true},"name":{"type":"string","description":"Unique human-readable name of the Resource.","description_kind":"plain","required":true},"port":{"type":"number","description_kind":"plain","required":true},"tags":{"type":["map","string"],"description":"Tags is a map of key, value pairs.","description_kind":"plain","optional":true}},"description_kind":"plain"}},"kubernetes_basic_auth":{"nesting_mode":"list","block":{"attributes":{"healthcheck_namespace":{"type":"string","description_kind":"plain","optional":true},"hostname":{"type":"string","description_kind":"plain","required":true},"name":{"type":"string","description":"Unique human-readable name of the Resource.","description_kind":"plain","required":true},"password":{"type":"string","description_kind":"plain","required":true,"sensitive":true},"port":{"type":"number","description_kind":"plain","required":true},"tags":{"type":["map","string"],"description":"Tags is a map of key, value pairs.","description_kind":"plain","optional":true},"username":{"type":"string","description_kind":"plain","required":true}},"description_kind":"plain"}},"kubernetes_service_account":{"nesting_mode":"list","block":{"attributes":{"healthcheck_namespace":{"type":"string","description_kind":"plain","optional":true},"hostname":{"type":"string","description_kind":"plain","required":true},"name":{"type":"string","description":"Unique human-readable name of the Resource.","description_kind":"plain","required":true},"port":{"type":"number","description_kind":"plain","required":true},"tags":{"type":["map","string"],"description":"Tags is a map of key, value pairs.","description_kind":"plain","optional":true},"token":{"type":"string","description_kind":"plain","required":true,"sensitive":true}},"description_kind":"plain"}},"maria":{"nesting_mode":"list","block":{"attributes":{"database":{"type":"string","description_kind":"plain","required":true},"hostname":{"type":"string","description_kind":"plain","required":true},"name":{"type":"string","description":"Unique human-readable name of the Resource.","description_kind":"plain","required":true},"password":{"type":"string","description_kind":"plain","required":true,"sensitive":true},"port":{"type":"number","description_kind":"plain","optional":true},"port_override":{"type":"number","description_kind":"plain","computed":true},"tags":{"type":["map","string"],"description":"Tags is a map of key, value pairs.","description_kind":"plain","optional":true},"username":{"type":"string","description_kind":"plain","required":true}},"description_kind":"plain"}},"memcached":{"nesting_mode":"list","block":{"attributes":{"hostname":{"type":"string","description_kind":"plain","required":true},"name":{"type":"string","description":"Unique human-readable name of the Resource.","description_kind":"plain","required":true},"port":{"type":"number","description_kind":"plain","optional":true},"port_override":{"type":"number","description_kind":"plain","computed":true},"tags":{"type":["map","string"],"description":"Tags is a map of key, value pairs.","description_kind":"plain","optional":true}},"description_kind":"plain"}},"memsql":{"nesting_mode":"list","block":{"attributes":{"database":{"type":"string","description_kind":"plain","required":true},"hostname":{"type":"string","description_kind":"plain","required":true},"name":{"type":"string","description":"Unique human-readable name of the Resource.","description_kind":"plain","required":true},"password":{"type":"string","description_kind":"plain","required":true,"sensitive":true},"port":{"type":"number","description_kind":"plain","optional":true},"port_override":{"type":"number","description_kind":"plain","computed":true},"tags":{"type":["map","string"],"description":"Tags is a map of key, value pairs.","description_kind":"plain","optional":true},"username":{"type":"string","description_kind":"plain","required":true}},"description_kind":"plain"}},"mongo_host":{"nesting_mode":"list","block":{"attributes":{"auth_database":{"type":"string","description_kind":"plain","required":true},"hostname":{"type":"string","description_kind":"plain","required":true},"name":{"type":"string","description":"Unique human-readable name of the Resource.","description_kind":"plain","required":true},"password":{"type":"string","description_kind":"plain","optional":true,"sensitive":true},"port":{"type":"number","description_kind":"plain","optional":true},"port_override":{"type":"number","description_kind":"plain","computed":true},"tags":{"type":["map","string"],"description":"Tags is a map of key, value pairs.","description_kind":"plain","optional":true},"tls_required":{"type":"bool","description_kind":"plain","optional":true},"username":{"type":"string","description_kind":"plain","optional":true}},"description_kind":"plain"}},"mongo_legacy_host":{"nesting_mode":"list","block":{"attributes":{"auth_database":{"type":"string","description_kind":"plain","required":true},"hostname":{"type":"string","description_kind":"plain","required":true},"name":{"type":"string","description":"Unique human-readable name of the Resource.","description_kind":"plain","required":true},"password":{"type":"string","description_kind":"plain","optional":true,"sensitive":true},"port":{"type":"number","description_kind":"plain","optional":true},"port_override":{"type":"number","description_kind":"plain","computed":true},"replica_set":{"type":"string","description_kind":"plain","optional":true},"tags":{"type":["map","string"],"description":"Tags is a map of key, value pairs.","description_kind":"plain","optional":true},"tls_required":{"type":"bool","description_kind":"plain","optional":true},"username":{"type":"string","description_kind":"plain","optional":true}},"description_kind":"plain"}},"mongo_legacy_replicaset":{"nesting_mode":"list","block":{"attributes":{"auth_database":{"type":"string","description_kind":"plain","required":true},"connect_to_replica":{"type":"bool","description_kind":"plain","optional":true},"hostname":{"type":"string","description_kind":"plain","required":true},"name":{"type":"string","description":"Unique human-readable name of the Resource.","description_kind":"plain","required":true},"password":{"type":"string","description_kind":"plain","optional":true,"sensitive":true},"port":{"type":"number","description_kind":"plain","optional":true},"port_override":{"type":"number","description_kind":"plain","computed":true},"replica_set":{"type":"string","description_kind":"plain","required":true},"tags":{"type":["map","string"],"description":"Tags is a map of key, value pairs.","description_kind":"plain","optional":true},"tls_required":{"type":"bool","description_kind":"plain","optional":true},"username":{"type":"string","description_kind":"plain","optional":true}},"description_kind":"plain"}},"mongo_replica_set":{"nesting_mode":"list","block":{"attributes":{"auth_database":{"type":"string","description_kind":"plain","required":true},"connect_to_replica":{"type":"bool","description_kind":"plain","optional":true},"hostname":{"type":"string","description_kind":"plain","required":true},"name":{"type":"string","description":"Unique human-readable name of the Resource.","description_kind":"plain","required":true},"password":{"type":"string","description_kind":"plain","optional":true,"sensitive":true},"port":{"type":"number","description_kind":"plain","optional":true},"port_override":{"type":"number","description_kind":"plain","computed":true},"replica_set":{"type":"string","description_kind":"plain","required":true},"tags":{"type":["map","string"],"description":"Tags is a map of key, value pairs.","description_kind":"plain","optional":true},"tls_required":{"type":"bool","description_kind":"plain","optional":true},"username":{"type":"string","description_kind":"plain","optional":true}},"description_kind":"plain"}},"mysql":{"nesting_mode":"list","block":{"attributes":{"database":{"type":"string","description_kind":"plain","required":true},"hostname":{"type":"string","description_kind":"plain","required":true},"name":{"type":"string","description":"Unique human-readable name of the Resource.","description_kind":"plain","required":true},"password":{"type":"string","description_kind":"plain","required":true,"sensitive":true},"port":{"type":"number","description_kind":"plain","optional":true},"port_override":{"type":"number","description_kind":"plain","computed":true},"tags":{"type":["map","string"],"description":"Tags is a map of key, value pairs.","description_kind":"plain","optional":true},"username":{"type":"string","description_kind":"plain","required":true}},"description_kind":"plain"}},"oracle":{"nesting_mode":"list","block":{"attributes":{"database":{"type":"string","description_kind":"plain","required":true},"hostname":{"type":"string","description_kind":"plain","required":true},"name":{"type":"string","description":"Unique human-readable name of the Resource.","description_kind":"plain","required":true},"password":{"type":"string","description_kind":"plain","required":true,"sensitive":true},"port":{"type":"number","description_kind":"plain","required":true},"port_override":{"type":"number","description_kind":"plain","computed":true},"tags":{"type":["map","string"],"description":"Tags is a map of key, value pairs.","description_kind":"plain","optional":true},"tls_required":{"type":"bool","description_kind":"plain","optional":true},"username":{"type":"string","description_kind":"plain","required":true}},"description_kind":"plain"}},"postgres":{"nesting_mode":"list","block":{"attributes":{"database":{"type":"string","description_kind":"plain","required":true},"hostname":{"type":"string","description_kind":"plain","required":true},"name":{"type":"string","description":"Unique human-readable name of the Resource.","description_kind":"plain","required":true},"override_database":{"type":"bool","description_kind":"plain","optional":true},"password":{"type":"string","description_kind":"plain","required":true,"sensitive":true},"port":{"type":"number","description_kind":"plain","optional":true},"port_override":{"type":"number","description_kind":"plain","computed":true},"tags":{"type":["map","string"],"description":"Tags is a map of key, value pairs.","description_kind":"plain","optional":true},"username":{"type":"string","description_kind":"plain","required":true}},"description_kind":"plain"}},"presto":{"nesting_mode":"list","block":{"attributes":{"database":{"type":"string","description_kind":"plain","required":true},"hostname":{"type":"string","description_kind":"plain","required":true},"name":{"type":"string","description":"Unique human-readable name of the Resource.","description_kind":"plain","required":true},"password":{"type":"string","description_kind":"plain","required":true,"sensitive":true},"port":{"type":"number","description_kind":"plain","optional":true},"port_override":{"type":"number","description_kind":"plain","computed":true},"tags":{"type":["map","string"],"description":"Tags is a map of key, value pairs.","description_kind":"plain","optional":true},"tls_required":{"type":"bool","description_kind":"plain","optional":true},"username":{"type":"string","description_kind":"plain","optional":true}},"description_kind":"plain"}},"rdp":{"nesting_mode":"list","block":{"attributes":{"hostname":{"type":"string","description_kind":"plain","required":true},"name":{"type":"string","description":"Unique human-readable name of the Resource.","description_kind":"plain","required":true},"password":{"type":"string","description_kind":"plain","required":true,"sensitive":true},"port":{"type":"number","description_kind":"plain","required":true},"port_override":{"type":"number","description_kind":"plain","computed":true},"tags":{"type":["map","string"],"description":"Tags is a map of key, value pairs.","description_kind":"plain","optional":true},"username":{"type":"string","description_kind":"plain","required":true}},"description_kind":"plain"}},"redis":{"nesting_mode":"list","block":{"attributes":{"hostname":{"type":"string","description_kind":"plain","required":true},"name":{"type":"string","description":"Unique human-readable name of the Resource.","description_kind":"plain","required":true},"password":{"type":"string","description_kind":"plain","optional":true,"sensitive":true},"port":{"type":"number","description_kind":"plain","optional":true},"port_override":{"type":"number","description_kind":"plain","computed":true},"tags":{"type":["map","string"],"description":"Tags is a map of key, value pairs.","description_kind":"plain","optional":true}},"description_kind":"plain"}},"redshift":{"nesting_mode":"list","block":{"attributes":{"database":{"type":"string","description_kind":"plain","required":true},"hostname":{"type":"string","description_kind":"plain","required":true},"name":{"type":"string","description":"Unique human-readable name of the Resource.","description_kind":"plain","required":true},"override_database":{"type":"bool","description_kind":"plain","optional":true},"password":{"type":"string","description_kind":"plain","required":true,"sensitive":true},"port":{"type":"number","description_kind":"plain","optional":true},"port_override":{"type":"number","description_kind":"plain","computed":true},"tags":{"type":["map","string"],"description":"Tags is a map of key, value pairs.","description_kind":"plain","optional":true},"username":{"type":"string","description_kind":"plain","required":true}},"description_kind":"plain"}},"snowflake":{"nesting_mode":"list","block":{"attributes":{"database":{"type":"string","description_kind":"plain","required":true},"hostname":{"type":"string","description_kind":"plain","required":true},"name":{"type":"string","description":"Unique human-readable name of the Resource.","description_kind":"plain","required":true},"password":{"type":"string","description_kind":"plain","required":true,"sensitive":true},"port_override":{"type":"number","description_kind":"plain","computed":true},"schema":{"type":"string","description_kind":"plain","required":true},"tags":{"type":["map","string"],"description":"Tags is a map of key, value pairs.","description_kind":"plain","optional":true},"username":{"type":"string","description_kind":"plain","required":true}},"description_kind":"plain"}},"sql_server":{"nesting_mode":"list","block":{"attributes":{"database":{"type":"string","description_kind":"plain","required":true},"hostname":{"type":"string","description_kind":"plain","required":true},"name":{"type":"string","description":"Unique human-readable name of the Resource.","description_kind":"plain","required":true},"override_database":{"type":"bool","description_kind":"plain","optional":true},"password":{"type":"string","description_kind":"plain","required":true,"sensitive":true},"port":{"type":"number","description_kind":"plain","optional":true},"port_override":{"type":"number","description_kind":"plain","computed":true},"schema":{"type":"string","description_kind":"plain","optional":true},"tags":{"type":["map","string"],"description":"Tags is a map of key, value pairs.","description_kind":"plain","optional":true},"username":{"type":"string","description_kind":"plain","required":true}},"description_kind":"plain"}},"ssh":{"nesting_mode":"list","block":{"attributes":{"allow_deprecated_key_exchanges":{"type":"bool","description_kind":"plain","optional":true},"hostname":{"type":"string","description_kind":"plain","required":true},"name":{"type":"string","description":"Unique human-readable name of the Resource.","description_kind":"plain","required":true},"port":{"type":"number","description_kind":"plain","required":true},"port_forwarding":{"type":"bool","description_kind":"plain","optional":true},"public_key":{"type":"string","description_kind":"plain","computed":true},"tags":{"type":["map","string"],"description":"Tags is a map of key, value pairs.","description_kind":"plain","optional":true},"username":{"type":"string","description_kind":"plain","required":true}},"description_kind":"plain"}},"ssh_cert":{"nesting_mode":"list","block":{"attributes":{"allow_deprecated_key_exchanges":{"type":"bool","description_kind":"plain","optional":true},"hostname":{"type":"string","description_kind":"plain","required":true},"name":{"type":"string","description":"Unique human-readable name of the Resource.","description_kind":"plain","required":true},"port":{"type":"number","description_kind":"plain","required":true},"port_forwarding":{"type":"bool","description_kind":"plain","optional":true},"tags":{"type":["map","string"],"description":"Tags is a map of key, value pairs.","description_kind":"plain","optional":true},"username":{"type":"string","description_kind":"plain","required":true}},"description_kind":"plain"}},"sybase":{"nesting_mode":"list","block":{"attributes":{"hostname":{"type":"string","description_kind":"plain","required":true},"name":{"type":"string","description":"Unique human-readable name of the Resource.","description_kind":"plain","required":true},"password":{"type":"string","description_kind":"plain","optional":true,"sensitive":true},"port":{"type":"number","description_kind":"plain","optional":true},"port_override":{"type":"number","description_kind":"plain","computed":true},"tags":{"type":["map","string"],"description":"Tags is a map of key, value pairs.","description_kind":"plain","optional":true},"username":{"type":"string","description_kind":"plain","required":true}},"description_kind":"plain"}},"sybase_iq":{"nesting_mode":"list","block":{"attributes":{"hostname":{"type":"string","description_kind":"plain","required":true},"name":{"type":"string","description":"Unique human-readable name of the Resource.","description_kind":"plain","required":true},"password":{"type":"string","description_kind":"plain","optional":true,"sensitive":true},"port":{"type":"number","description_kind":"plain","optional":true},"port_override":{"type":"number","description_kind":"plain","computed":true},"tags":{"type":["map","string"],"description":"Tags is a map of key, value pairs.","description_kind":"plain","optional":true},"username":{"type":"string","description_kind":"plain","required":true}},"description_kind":"plain"}},"teradata":{"nesting_mode":"list","block":{"attributes":{"hostname":{"type":"string","description_kind":"plain","required":true},"name":{"type":"string","description":"Unique human-readable name of the Resource.","description_kind":"plain","required":true},"password":{"type":"string","description_kind":"plain","required":true,"sensitive":true},"port":{"type":"number","description_kind":"plain","optional":true},"port_override":{"type":"number","description_kind":"plain","computed":true},"tags":{"type":["map","string"],"description":"Tags is a map of key, value pairs.","description_kind":"plain","optional":true},"username":{"type":"string","description_kind":"plain","required":true}},"description_kind":"plain"}},"timeouts":{"nesting_mode":"single","block":{"attributes":{"default":{"type":"string","description_kind":"plain","optional":true}},"description_kind":"plain"}}},"description_kind":"plain"}},"sdm_role":{"version":0,"block":{"attributes":{"composite":{"type":"bool","description":"True if the Role is a composite role.","description_kind":"plain","optional":true},"id":{"type":"string","description_kind":"plain","optional":true,"computed":true},"name":{"type":"string","description":"Unique human-readable name of the Role.","description_kind":"plain","required":true},"tags":{"type":["map","string"],"description":"Tags is a map of key, value pairs.","description_kind":"plain","optional":true}},"block_types":{"timeouts":{"nesting_mode":"single","block":{"attributes":{"default":{"type":"string","description_kind":"plain","optional":true}},"description_kind":"plain"}}},"description_kind":"plain"}},"sdm_role_attachment":{"version":0,"block":{"attributes":{"attached_role_id":{"type":"string","description":"The id of the attached role of this RoleAttachment.","description_kind":"plain","required":true},"composite_role_id":{"type":"string","description":"The id of the composite role of this RoleAttachment.","description_kind":"plain","required":true},"id":{"type":"string","description_kind":"plain","optional":true,"computed":true}},"block_types":{"timeouts":{"nesting_mode":"single","block":{"attributes":{"default":{"type":"string","description_kind":"plain","optional":true}},"description_kind":"plain"}}},"description_kind":"plain"}},"sdm_role_grant":{"version":0,"block":{"attributes":{"id":{"type":"string","description_kind":"plain","optional":true,"computed":true},"resource_id":{"type":"string","description":"The id of the resource of this RoleGrant.","description_kind":"plain","required":true},"role_id":{"type":"string","description":"The id of the attached role of this RoleGrant.","description_kind":"plain","required":true}},"block_types":{"timeouts":{"nesting_mode":"single","block":{"attributes":{"default":{"type":"string","description_kind":"plain","optional":true}},"description_kind":"plain"}}},"description_kind":"plain"}}},"data_source_schemas":{"sdm_account":{"version":0,"block":{"attributes":{"accounts":{"type":["list",["object",{"service":["list",["object",{"id":"string","name":"string","suspended":"bool","tags":["map","string"]}]],"user":["list",["object",{"email":"string","first_name":"string","id":"string","last_name":"string","suspended":"bool","tags":["map","string"]}]]}]],"description_kind":"plain","computed":true},"email":{"type":"string","description_kind":"plain","optional":true},"first_name":{"type":"string","description_kind":"plain","optional":true},"id":{"type":"string","description_kind":"plain","optional":true},"ids":{"type":["list","string"],"description_kind":"plain","computed":true},"last_name":{"type":"string","description_kind":"plain","optional":true},"name":{"type":"string","description_kind":"plain","optional":true},"suspended":{"type":"bool","description_kind":"plain","optional":true},"type":{"type":"string","description_kind":"plain","optional":true}},"block_types":{"timeouts":{"nesting_mode":"single","block":{"attributes":{"default":{"type":"string","description_kind":"plain","optional":true}},"description_kind":"plain"}}},"description_kind":"plain"}},"sdm_account_attachment":{"version":0,"block":{"attributes":{"account_attachments":{"type":["list",["object",{"account_id":"string","id":"string","role_id":"string"}]],"description_kind":"plain","computed":true},"account_id":{"type":"string","description":"The id of the account of this AccountAttachment.","description_kind":"plain","optional":true},"id":{"type":"string","description":"Unique identifier of the AccountAttachment.","description_kind":"plain","optional":true},"ids":{"type":["list","string"],"description_kind":"plain","computed":true},"role_id":{"type":"string","description":"The id of the attached role of this AccountAttachment.","description_kind":"plain","optional":true}},"block_types":{"timeouts":{"nesting_mode":"single","block":{"attributes":{"default":{"type":"string","description_kind":"plain","optional":true}},"description_kind":"plain"}}},"description_kind":"plain"}},"sdm_account_grant":{"version":0,"block":{"attributes":{"account_grants":{"type":["list",["object",{"account_id":"string","id":"string","resource_id":"string"}]],"description_kind":"plain","computed":true},"account_id":{"type":"string","description":"The id of the attached role of this AccountGrant.","description_kind":"plain","optional":true},"id":{"type":"string","description":"Unique identifier of the AccountGrant.","description_kind":"plain","optional":true},"ids":{"type":["list","string"],"description_kind":"plain","computed":true},"resource_id":{"type":"string","description":"The id of the composite role of this AccountGrant.","description_kind":"plain","optional":true}},"block_types":{"timeouts":{"nesting_mode":"single","block":{"attributes":{"default":{"type":"string","description_kind":"plain","optional":true}},"description_kind":"plain"}}},"description_kind":"plain"}},"sdm_node":{"version":0,"block":{"attributes":{"bind_address":{"type":"string","description_kind":"plain","optional":true},"id":{"type":"string","description_kind":"plain","optional":true},"ids":{"type":["list","string"],"description_kind":"plain","computed":true},"listen_address":{"type":"string","description_kind":"plain","optional":true},"name":{"type":"string","description_kind":"plain","optional":true},"nodes":{"type":["list",["object",{"gateway":["list",["object",{"bind_address":"string","id":"string","listen_address":"string","name":"string","tags":["map","string"]}]],"relay":["list",["object",{"id":"string","name":"string","tags":["map","string"]}]]}]],"description_kind":"plain","computed":true},"type":{"type":"string","description_kind":"plain","optional":true}},"block_types":{"timeouts":{"nesting_mode":"single","block":{"attributes":{"default":{"type":"string","description_kind":"plain","optional":true}},"description_kind":"plain"}}},"description_kind":"plain"}},"sdm_resource":{"version":0,"block":{"attributes":{"hostname":{"type":"string","description_kind":"plain","optional":true},"id":{"type":"string","description_kind":"plain","optional":true},"ids":{"type":["list","string"],"description_kind":"plain","computed":true},"name":{"type":"string","description_kind":"plain","optional":true},"port":{"type":"number","description_kind":"plain","optional":true},"resources":{"type":["list",["object",{"aks":["list",["object",{"certificate_authority":"string","client_certificate":"string","client_key":"string","healthcheck_namespace":"string","hostname":"string","id":"string","name":"string","port":"number","tags":["map","string"]}]],"aks_basic_auth":["list",["object",{"healthcheck_namespace":"string","hostname":"string","id":"string","name":"string","password":"string","port":"number","tags":["map","string"],"username":"string"}]],"aks_service_account":["list",["object",{"healthcheck_namespace":"string","hostname":"string","id":"string","name":"string","port":"number","tags":["map","string"],"token":"string"}]],"amazon_eks":["list",["object",{"access_key":"string","certificate_authority":"string","cluster_name":"string","endpoint":"string","healthcheck_namespace":"string","id":"string","name":"string","region":"string","role_arn":"string","secret_access_key":"string","tags":["map","string"]}]],"amazon_es":["list",["object",{"access_key":"string","endpoint":"string","id":"string","name":"string","port_override":"number","region":"string","secret_access_key":"string","tags":["map","string"]}]],"athena":["list",["object",{"access_key":"string","id":"string","name":"string","output":"string","port_override":"number","region":"string","secret_access_key":"string","tags":["map","string"]}]],"aurora_mysql":["list",["object",{"database":"string","hostname":"string","id":"string","name":"string","password":"string","port":"number","port_override":"number","tags":["map","string"],"username":"string"}]],"aurora_postgres":["list",["object",{"database":"string","hostname":"string","id":"string","name":"string","override_database":"bool","password":"string","port":"number","port_override":"number","tags":["map","string"],"username":"string"}]],"big_query":["list",["object",{"endpoint":"string","id":"string","name":"string","port_override":"number","private_key":"string","project":"string","tags":["map","string"],"username":"string"}]],"cassandra":["list",["object",{"hostname":"string","id":"string","name":"string","password":"string","port":"number","port_override":"number","tags":["map","string"],"tls_required":"bool","username":"string"}]],"citus":["list",["object",{"database":"string","hostname":"string","id":"string","name":"string","override_database":"bool","password":"string","port":"number","port_override":"number","tags":["map","string"],"username":"string"}]],"clustrix":["list",["object",{"database":"string","hostname":"string","id":"string","name":"string","password":"string","port":"number","port_override":"number","tags":["map","string"],"username":"string"}]],"cockroach":["list",["object",{"database":"string","hostname":"string","id":"string","name":"string","override_database":"bool","password":"string","port":"number","port_override":"number","tags":["map","string"],"username":"string"}]],"db_2_i":["list",["object",{"hostname":"string","id":"string","name":"string","password":"string","port":"number","port_override":"number","tags":["map","string"],"tls_required":"bool","username":"string"}]],"db_2_luw":["list",["object",{"database":"string","hostname":"string","id":"string","name":"string","password":"string","port":"number","port_override":"number","tags":["map","string"],"username":"string"}]],"druid":["list",["object",{"hostname":"string","id":"string","name":"string","password":"string","port":"number","port_override":"number","tags":["map","string"],"username":"string"}]],"dynamo_db":["list",["object",{"access_key":"string","endpoint":"string","id":"string","name":"string","port_override":"number","region":"string","secret_access_key":"string","tags":["map","string"]}]],"elastic":["list",["object",{"hostname":"string","id":"string","name":"string","password":"string","port":"number","port_override":"number","tags":["map","string"],"tls_required":"bool","username":"string"}]],"elasticache_redis":["list",["object",{"hostname":"string","id":"string","name":"string","password":"string","port":"number","port_override":"number","tags":["map","string"],"tls_required":"bool"}]],"google_gke":["list",["object",{"certificate_authority":"string","endpoint":"string","healthcheck_namespace":"string","id":"string","name":"string","service_account_key":"string","tags":["map","string"]}]],"greenplum":["list",["object",{"database":"string","hostname":"string","id":"string","name":"string","override_database":"bool","password":"string","port":"number","port_override":"number","tags":["map","string"],"username":"string"}]],"http_auth":["list",["object",{"auth_header":"string","default_path":"string","headers_blacklist":"string","healthcheck_path":"string","id":"string","name":"string","subdomain":"string","tags":["map","string"],"url":"string"}]],"http_basic_auth":["list",["object",{"default_path":"string","headers_blacklist":"string","healthcheck_path":"string","id":"string","name":"string","password":"string","subdomain":"string","tags":["map","string"],"url":"string","username":"string"}]],"http_no_auth":["list",["object",{"default_path":"string","headers_blacklist":"string","healthcheck_path":"string","id":"string","name":"string","subdomain":"string","tags":["map","string"],"url":"string"}]],"kubernetes":["list",["object",{"certificate_authority":"string","client_certificate":"string","client_key":"string","healthcheck_namespace":"string","hostname":"string","id":"string","name":"string","port":"number","tags":["map","string"]}]],"kubernetes_basic_auth":["list",["object",{"healthcheck_namespace":"string","hostname":"string","id":"string","name":"string","password":"string","port":"number","tags":["map","string"],"username":"string"}]],"kubernetes_service_account":["list",["object",{"healthcheck_namespace":"string","hostname":"string","id":"string","name":"string","port":"number","tags":["map","string"],"token":"string"}]],"maria":["list",["object",{"database":"string","hostname":"string","id":"string","name":"string","password":"string","port":"number","port_override":"number","tags":["map","string"],"username":"string"}]],"memcached":["list",["object",{"hostname":"string","id":"string","name":"string","port":"number","port_override":"number","tags":["map","string"]}]],"memsql":["list",["object",{"database":"string","hostname":"string","id":"string","name":"string","password":"string","port":"number","port_override":"number","tags":["map","string"],"username":"string"}]],"mongo_host":["list",["object",{"auth_database":"string","hostname":"string","id":"string","name":"string","password":"string","port":"number","port_override":"number","tags":["map","string"],"tls_required":"bool","username":"string"}]],"mongo_legacy_host":["list",["object",{"auth_database":"string","hostname":"string","id":"string","name":"string","password":"string","port":"number","port_override":"number","replica_set":"string","tags":["map","string"],"tls_required":"bool","username":"string"}]],"mongo_legacy_replicaset":["list",["object",{"auth_database":"string","connect_to_replica":"bool","hostname":"string","id":"string","name":"string","password":"string","port":"number","port_override":"number","replica_set":"string","tags":["map","string"],"tls_required":"bool","username":"string"}]],"mongo_replica_set":["list",["object",{"auth_database":"string","connect_to_replica":"bool","hostname":"string","id":"string","name":"string","password":"string","port":"number","port_override":"number","replica_set":"string","tags":["map","string"],"tls_required":"bool","username":"string"}]],"mysql":["list",["object",{"database":"string","hostname":"string","id":"string","name":"string","password":"string","port":"number","port_override":"number","tags":["map","string"],"username":"string"}]],"oracle":["list",["object",{"database":"string","hostname":"string","id":"string","name":"string","password":"string","port":"number","port_override":"number","tags":["map","string"],"tls_required":"bool","username":"string"}]],"postgres":["list",["object",{"database":"string","hostname":"string","id":"string","name":"string","override_database":"bool","password":"string","port":"number","port_override":"number","tags":["map","string"],"username":"string"}]],"presto":["list",["object",{"database":"string","hostname":"string","id":"string","name":"string","password":"string","port":"number","port_override":"number","tags":["map","string"],"tls_required":"bool","username":"string"}]],"rdp":["list",["object",{"hostname":"string","id":"string","name":"string","password":"string","port":"number","port_override":"number","tags":["map","string"],"username":"string"}]],"redis":["list",["object",{"hostname":"string","id":"string","name":"string","password":"string","port":"number","port_override":"number","tags":["map","string"]}]],"redshift":["list",["object",{"database":"string","hostname":"string","id":"string","name":"string","override_database":"bool","password":"string","port":"number","port_override":"number","tags":["map","string"],"username":"string"}]],"snowflake":["list",["object",{"database":"string","hostname":"string","id":"string","name":"string","password":"string","port_override":"number","schema":"string","tags":["map","string"],"username":"string"}]],"sql_server":["list",["object",{"database":"string","hostname":"string","id":"string","name":"string","override_database":"bool","password":"string","port":"number","port_override":"number","schema":"string","tags":["map","string"],"username":"string"}]],"ssh":["list",["object",{"allow_deprecated_key_exchanges":"bool","hostname":"string","id":"string","name":"string","port":"number","port_forwarding":"bool","public_key":"string","tags":["map","string"],"username":"string"}]],"ssh_cert":["list",["object",{"allow_deprecated_key_exchanges":"bool","hostname":"string","id":"string","name":"string","port":"number","port_forwarding":"bool","tags":["map","string"],"username":"string"}]],"sybase":["list",["object",{"hostname":"string","id":"string","name":"string","password":"string","port":"number","port_override":"number","tags":["map","string"],"username":"string"}]],"sybase_iq":["list",["object",{"hostname":"string","id":"string","name":"string","password":"string","port":"number","port_override":"number","tags":["map","string"],"username":"string"}]],"teradata":["list",["object",{"hostname":"string","id":"string","name":"string","password":"string","port":"number","port_override":"number","tags":["map","string"],"username":"string"}]]}]],"description_kind":"plain","computed":true},"type":{"type":"string","description_kind":"plain","optional":true},"username":{"type":"string","description_kind":"plain","optional":true}},"block_types":{"timeouts":{"nesting_mode":"single","block":{"attributes":{"default":{"type":"string","description_kind":"plain","optional":true}},"description_kind":"plain"}}},"description_kind":"plain"}},"sdm_role":{"version":0,"block":{"attributes":{"composite":{"type":"bool","description":"True if the Role is a composite role.","description_kind":"plain","optional":true},"id":{"type":"string","description":"Unique identifier of the Role.","description_kind":"plain","optional":true},"ids":{"type":["list","string"],"description_kind":"plain","computed":true},"name":{"type":"string","description":"Unique human-readable name of the Role.","description_kind":"plain","optional":true},"roles":{"type":["list",["object",{"composite":"bool","id":"string","name":"string","tags":["map","string"]}]],"description_kind":"plain","computed":true},"tags":{"type":["map","string"],"description":"Tags is a map of key, value pairs.","description_kind":"plain","optional":true}},"block_types":{"timeouts":{"nesting_mode":"single","block":{"attributes":{"default":{"type":"string","description_kind":"plain","optional":true}},"description_kind":"plain"}}},"description_kind":"plain"}},"sdm_role_attachment":{"version":0,"block":{"attributes":{"attached_role_id":{"type":"string","description":"The id of the attached role of this RoleAttachment.","description_kind":"plain","optional":true},"composite_role_id":{"type":"string","description":"The id of the composite role of this RoleAttachment.","description_kind":"plain","optional":true},"id":{"type":"string","description":"Unique identifier of the RoleAttachment.","description_kind":"plain","optional":true},"ids":{"type":["list","string"],"description_kind":"plain","computed":true},"role_attachments":{"type":["list",["object",{"attached_role_id":"string","composite_role_id":"string","id":"string"}]],"description_kind":"plain","computed":true}},"block_types":{"timeouts":{"nesting_mode":"single","block":{"attributes":{"default":{"type":"string","description_kind":"plain","optional":true}},"description_kind":"plain"}}},"description_kind":"plain"}},"sdm_role_grant":{"version":0,"block":{"attributes":{"id":{"type":"string","description":"Unique identifier of the RoleGrant.","description_kind":"plain","optional":true},"ids":{"type":["list","string"],"description_kind":"plain","computed":true},"resource_id":{"type":"string","description":"The id of the resource of this RoleGrant.","description_kind":"plain","optional":true},"role_grants":{"type":["list",["object",{"id":"string","resource_id":"string","role_id":"string"}]],"description_kind":"plain","computed":true},"role_id":{"type":"string","description":"The id of the attached role of this RoleGrant.","description_kind":"plain","optional":true}},"block_types":{"timeouts":{"nesting_mode":"single","block":{"attributes":{"default":{"type":"string","description_kind":"plain","optional":true}},"description_kind":"plain"}}},"description_kind":"plain"}}}}}}
