{"format_version":"0.2","provider_schemas":{"registry.terraform.io/sumologic/sumologic":{"provider":{"version":0,"block":{"attributes":{"access_id":{"type":"string","description_kind":"plain","required":true},"access_key":{"type":"string","description_kind":"plain","required":true},"base_url":{"type":"string","description_kind":"plain","optional":true},"environment":{"type":"string","description_kind":"plain","optional":true}},"description_kind":"plain"}},"resource_schemas":{"sumologic_aws_inventory_source":{"version":0,"block":{"attributes":{"automatic_date_parsing":{"type":"bool","description_kind":"plain","optional":true},"category":{"type":"string","description_kind":"plain","optional":true},"collector_id":{"type":"number","description_kind":"plain","required":true},"content_type":{"type":"string","description_kind":"plain","required":true},"cutoff_relative_time":{"type":"string","description_kind":"plain","optional":true},"cutoff_timestamp":{"type":"number","description_kind":"plain","optional":true},"description":{"type":"string","description_kind":"plain","optional":true},"fields":{"type":["map","string"],"description_kind":"plain","optional":true},"force_timezone":{"type":"bool","description_kind":"plain","optional":true},"host_name":{"type":"string","description_kind":"plain","optional":true},"id":{"type":"string","description_kind":"plain","optional":true,"computed":true},"manual_prefix_regexp":{"type":"string","description_kind":"plain","optional":true},"multiline_processing_enabled":{"type":"bool","description_kind":"plain","optional":true},"name":{"type":"string","description_kind":"plain","required":true},"paused":{"type":"bool","description_kind":"plain","required":true},"scan_interval":{"type":"number","description_kind":"plain","required":true},"timezone":{"type":"string","description_kind":"plain","optional":true},"url":{"type":"string","description_kind":"plain","computed":true},"use_autoline_matching":{"type":"bool","description_kind":"plain","optional":true}},"block_types":{"authentication":{"nesting_mode":"list","block":{"attributes":{"access_key":{"type":"string","description_kind":"plain","optional":true},"role_arn":{"type":"string","description_kind":"plain","optional":true},"secret_key":{"type":"string","description_kind":"plain","optional":true},"type":{"type":"string","description_kind":"plain","required":true}},"description_kind":"plain"},"min_items":1,"max_items":1},"default_date_formats":{"nesting_mode":"list","block":{"attributes":{"format":{"type":"string","description_kind":"plain","required":true},"locator":{"type":"string","description_kind":"plain","optional":true}},"description_kind":"plain"}},"filters":{"nesting_mode":"list","block":{"attributes":{"filter_type":{"type":"string","description_kind":"plain","required":true},"mask":{"type":"string","description_kind":"plain","optional":true},"name":{"type":"string","description_kind":"plain","required":true},"regexp":{"type":"string","description_kind":"plain","required":true}},"description_kind":"plain"}},"path":{"nesting_mode":"list","block":{"attributes":{"bucket_name":{"type":"string","description_kind":"plain","optional":true},"limit_to_namespaces":{"type":["list","string"],"description_kind":"plain","optional":true},"limit_to_regions":{"type":["list","string"],"description_kind":"plain","optional":true},"path_expression":{"type":"string","description_kind":"plain","optional":true},"type":{"type":"string","description_kind":"plain","required":true}},"block_types":{"tag_filters":{"nesting_mode":"list","block":{"attributes":{"namespace":{"type":"string","description_kind":"plain","optional":true},"tags":{"type":["list","string"],"description_kind":"plain","optional":true},"type":{"type":"string","description_kind":"plain","optional":true}},"description_kind":"plain"}}},"description_kind":"plain"},"min_items":1,"max_items":1}},"description_kind":"plain"}},"sumologic_aws_xray_source":{"version":0,"block":{"attributes":{"automatic_date_parsing":{"type":"bool","description_kind":"plain","optional":true},"category":{"type":"string","description_kind":"plain","optional":true},"collector_id":{"type":"number","description_kind":"plain","required":true},"content_type":{"type":"string","description_kind":"plain","required":true},"cutoff_relative_time":{"type":"string","description_kind":"plain","optional":true},"cutoff_timestamp":{"type":"number","description_kind":"plain","optional":true},"description":{"type":"string","description_kind":"plain","optional":true},"fields":{"type":["map","string"],"description_kind":"plain","optional":true},"force_timezone":{"type":"bool","description_kind":"plain","optional":true},"host_name":{"type":"string","description_kind":"plain","optional":true},"id":{"type":"string","description_kind":"plain","optional":true,"computed":true},"manual_prefix_regexp":{"type":"string","description_kind":"plain","optional":true},"multiline_processing_enabled":{"type":"bool","description_kind":"plain","optional":true},"name":{"type":"string","description_kind":"plain","required":true},"paused":{"type":"bool","description_kind":"plain","required":true},"scan_interval":{"type":"number","description_kind":"plain","required":true},"timezone":{"type":"string","description_kind":"plain","optional":true},"url":{"type":"string","description_kind":"plain","computed":true},"use_autoline_matching":{"type":"bool","description_kind":"plain","optional":true}},"block_types":{"authentication":{"nesting_mode":"list","block":{"attributes":{"access_key":{"type":"string","description_kind":"plain","optional":true},"role_arn":{"type":"string","description_kind":"plain","optional":true},"secret_key":{"type":"string","description_kind":"plain","optional":true},"type":{"type":"string","description_kind":"plain","required":true}},"description_kind":"plain"},"min_items":1,"max_items":1},"default_date_formats":{"nesting_mode":"list","block":{"attributes":{"format":{"type":"string","description_kind":"plain","required":true},"locator":{"type":"string","description_kind":"plain","optional":true}},"description_kind":"plain"}},"filters":{"nesting_mode":"list","block":{"attributes":{"filter_type":{"type":"string","description_kind":"plain","required":true},"mask":{"type":"string","description_kind":"plain","optional":true},"name":{"type":"string","description_kind":"plain","required":true},"regexp":{"type":"string","description_kind":"plain","required":true}},"description_kind":"plain"}},"path":{"nesting_mode":"list","block":{"attributes":{"bucket_name":{"type":"string","description_kind":"plain","optional":true},"limit_to_namespaces":{"type":["list","string"],"description_kind":"plain","optional":true},"limit_to_regions":{"type":["list","string"],"description_kind":"plain","optional":true},"path_expression":{"type":"string","description_kind":"plain","optional":true},"type":{"type":"string","description_kind":"plain","required":true}},"block_types":{"tag_filters":{"nesting_mode":"list","block":{"attributes":{"namespace":{"type":"string","description_kind":"plain","optional":true},"tags":{"type":["list","string"],"description_kind":"plain","optional":true},"type":{"type":"string","description_kind":"plain","optional":true}},"description_kind":"plain"}}},"description_kind":"plain"},"min_items":1,"max_items":1}},"description_kind":"plain"}},"sumologic_cloud_to_cloud_source":{"version":0,"block":{"attributes":{"collector_id":{"type":"number","description_kind":"plain","required":true},"config":{"type":"string","description_kind":"plain","required":true},"id":{"type":"string","description_kind":"plain","optional":true,"computed":true},"schema_ref":{"type":["map","string"],"description_kind":"plain","required":true}},"description_kind":"plain"}},"sumologic_cloudfront_source":{"version":0,"block":{"attributes":{"automatic_date_parsing":{"type":"bool","description_kind":"plain","optional":true},"category":{"type":"string","description_kind":"plain","optional":true},"collector_id":{"type":"number","description_kind":"plain","required":true},"content_type":{"type":"string","description_kind":"plain","required":true},"cutoff_relative_time":{"type":"string","description_kind":"plain","optional":true},"cutoff_timestamp":{"type":"number","description_kind":"plain","optional":true},"description":{"type":"string","description_kind":"plain","optional":true},"fields":{"type":["map","string"],"description_kind":"plain","optional":true},"force_timezone":{"type":"bool","description_kind":"plain","optional":true},"host_name":{"type":"string","description_kind":"plain","optional":true},"id":{"type":"string","description_kind":"plain","optional":true,"computed":true},"manual_prefix_regexp":{"type":"string","description_kind":"plain","optional":true},"multiline_processing_enabled":{"type":"bool","description_kind":"plain","optional":true},"name":{"type":"string","description_kind":"plain","required":true},"paused":{"type":"bool","description_kind":"plain","required":true},"scan_interval":{"type":"number","description_kind":"plain","required":true},"timezone":{"type":"string","description_kind":"plain","optional":true},"url":{"type":"string","description_kind":"plain","computed":true},"use_autoline_matching":{"type":"bool","description_kind":"plain","optional":true}},"block_types":{"authentication":{"nesting_mode":"list","block":{"attributes":{"access_key":{"type":"string","description_kind":"plain","optional":true},"role_arn":{"type":"string","description_kind":"plain","optional":true},"secret_key":{"type":"string","description_kind":"plain","optional":true},"type":{"type":"string","description_kind":"plain","required":true}},"description_kind":"plain"},"min_items":1,"max_items":1},"default_date_formats":{"nesting_mode":"list","block":{"attributes":{"format":{"type":"string","description_kind":"plain","required":true},"locator":{"type":"string","description_kind":"plain","optional":true}},"description_kind":"plain"}},"filters":{"nesting_mode":"list","block":{"attributes":{"filter_type":{"type":"string","description_kind":"plain","required":true},"mask":{"type":"string","description_kind":"plain","optional":true},"name":{"type":"string","description_kind":"plain","required":true},"regexp":{"type":"string","description_kind":"plain","required":true}},"description_kind":"plain"}},"path":{"nesting_mode":"list","block":{"attributes":{"bucket_name":{"type":"string","description_kind":"plain","optional":true},"limit_to_namespaces":{"type":["list","string"],"description_kind":"plain","optional":true},"limit_to_regions":{"type":["list","string"],"description_kind":"plain","optional":true},"path_expression":{"type":"string","description_kind":"plain","optional":true},"type":{"type":"string","description_kind":"plain","required":true}},"block_types":{"tag_filters":{"nesting_mode":"list","block":{"attributes":{"namespace":{"type":"string","description_kind":"plain","optional":true},"tags":{"type":["list","string"],"description_kind":"plain","optional":true},"type":{"type":"string","description_kind":"plain","optional":true}},"description_kind":"plain"}}},"description_kind":"plain"},"min_items":1,"max_items":1}},"description_kind":"plain"}},"sumologic_cloudsyslog_source":{"version":0,"block":{"attributes":{"automatic_date_parsing":{"type":"bool","description_kind":"plain","optional":true},"category":{"type":"string","description_kind":"plain","optional":true},"collector_id":{"type":"number","description_kind":"plain","required":true},"content_type":{"type":"string","description_kind":"plain","optional":true},"cutoff_relative_time":{"type":"string","description_kind":"plain","optional":true},"cutoff_timestamp":{"type":"number","description_kind":"plain","optional":true},"description":{"type":"string","description_kind":"plain","optional":true},"fields":{"type":["map","string"],"description_kind":"plain","optional":true},"force_timezone":{"type":"bool","description_kind":"plain","optional":true},"host_name":{"type":"string","description_kind":"plain","optional":true},"id":{"type":"string","description_kind":"plain","optional":true,"computed":true},"manual_prefix_regexp":{"type":"string","description_kind":"plain","optional":true},"multiline_processing_enabled":{"type":"bool","description_kind":"plain","optional":true},"name":{"type":"string","description_kind":"plain","required":true},"timezone":{"type":"string","description_kind":"plain","optional":true},"token":{"type":"string","description_kind":"plain","computed":true},"use_autoline_matching":{"type":"bool","description_kind":"plain","optional":true}},"block_types":{"default_date_formats":{"nesting_mode":"list","block":{"attributes":{"format":{"type":"string","description_kind":"plain","required":true},"locator":{"type":"string","description_kind":"plain","optional":true}},"description_kind":"plain"}},"filters":{"nesting_mode":"list","block":{"attributes":{"filter_type":{"type":"string","description_kind":"plain","required":true},"mask":{"type":"string","description_kind":"plain","optional":true},"name":{"type":"string","description_kind":"plain","required":true},"regexp":{"type":"string","description_kind":"plain","required":true}},"description_kind":"plain"}}},"description_kind":"plain"}},"sumologic_cloudtrail_source":{"version":0,"block":{"attributes":{"automatic_date_parsing":{"type":"bool","description_kind":"plain","optional":true},"category":{"type":"string","description_kind":"plain","optional":true},"collector_id":{"type":"number","description_kind":"plain","required":true},"content_type":{"type":"string","description_kind":"plain","required":true},"cutoff_relative_time":{"type":"string","description_kind":"plain","optional":true},"cutoff_timestamp":{"type":"number","description_kind":"plain","optional":true},"description":{"type":"string","description_kind":"plain","optional":true},"fields":{"type":["map","string"],"description_kind":"plain","optional":true},"force_timezone":{"type":"bool","description_kind":"plain","optional":true},"host_name":{"type":"string","description_kind":"plain","optional":true},"id":{"type":"string","description_kind":"plain","optional":true,"computed":true},"manual_prefix_regexp":{"type":"string","description_kind":"plain","optional":true},"multiline_processing_enabled":{"type":"bool","description_kind":"plain","optional":true},"name":{"type":"string","description_kind":"plain","required":true},"paused":{"type":"bool","description_kind":"plain","required":true},"scan_interval":{"type":"number","description_kind":"plain","required":true},"timezone":{"type":"string","description_kind":"plain","optional":true},"url":{"type":"string","description_kind":"plain","computed":true},"use_autoline_matching":{"type":"bool","description_kind":"plain","optional":true}},"block_types":{"authentication":{"nesting_mode":"list","block":{"attributes":{"access_key":{"type":"string","description_kind":"plain","optional":true},"role_arn":{"type":"string","description_kind":"plain","optional":true},"secret_key":{"type":"string","description_kind":"plain","optional":true},"type":{"type":"string","description_kind":"plain","required":true}},"description_kind":"plain"},"min_items":1,"max_items":1},"default_date_formats":{"nesting_mode":"list","block":{"attributes":{"format":{"type":"string","description_kind":"plain","required":true},"locator":{"type":"string","description_kind":"plain","optional":true}},"description_kind":"plain"}},"filters":{"nesting_mode":"list","block":{"attributes":{"filter_type":{"type":"string","description_kind":"plain","required":true},"mask":{"type":"string","description_kind":"plain","optional":true},"name":{"type":"string","description_kind":"plain","required":true},"regexp":{"type":"string","description_kind":"plain","required":true}},"description_kind":"plain"}},"path":{"nesting_mode":"list","block":{"attributes":{"bucket_name":{"type":"string","description_kind":"plain","optional":true},"limit_to_namespaces":{"type":["list","string"],"description_kind":"plain","optional":true},"limit_to_regions":{"type":["list","string"],"description_kind":"plain","optional":true},"path_expression":{"type":"string","description_kind":"plain","optional":true},"type":{"type":"string","description_kind":"plain","required":true}},"block_types":{"tag_filters":{"nesting_mode":"list","block":{"attributes":{"namespace":{"type":"string","description_kind":"plain","optional":true},"tags":{"type":["list","string"],"description_kind":"plain","optional":true},"type":{"type":"string","description_kind":"plain","optional":true}},"description_kind":"plain"}}},"description_kind":"plain"},"min_items":1,"max_items":1}},"description_kind":"plain"}},"sumologic_cloudwatch_source":{"version":0,"block":{"attributes":{"automatic_date_parsing":{"type":"bool","description_kind":"plain","optional":true},"category":{"type":"string","description_kind":"plain","optional":true},"collector_id":{"type":"number","description_kind":"plain","required":true},"content_type":{"type":"string","description_kind":"plain","required":true},"cutoff_relative_time":{"type":"string","description_kind":"plain","optional":true},"cutoff_timestamp":{"type":"number","description_kind":"plain","optional":true},"description":{"type":"string","description_kind":"plain","optional":true},"fields":{"type":["map","string"],"description_kind":"plain","optional":true},"force_timezone":{"type":"bool","description_kind":"plain","optional":true},"host_name":{"type":"string","description_kind":"plain","optional":true},"id":{"type":"string","description_kind":"plain","optional":true,"computed":true},"manual_prefix_regexp":{"type":"string","description_kind":"plain","optional":true},"multiline_processing_enabled":{"type":"bool","description_kind":"plain","optional":true},"name":{"type":"string","description_kind":"plain","required":true},"paused":{"type":"bool","description_kind":"plain","required":true},"scan_interval":{"type":"number","description_kind":"plain","required":true},"timezone":{"type":"string","description_kind":"plain","optional":true},"url":{"type":"string","description_kind":"plain","computed":true},"use_autoline_matching":{"type":"bool","description_kind":"plain","optional":true}},"block_types":{"authentication":{"nesting_mode":"list","block":{"attributes":{"access_key":{"type":"string","description_kind":"plain","optional":true},"role_arn":{"type":"string","description_kind":"plain","optional":true},"secret_key":{"type":"string","description_kind":"plain","optional":true},"type":{"type":"string","description_kind":"plain","required":true}},"description_kind":"plain"},"min_items":1,"max_items":1},"default_date_formats":{"nesting_mode":"list","block":{"attributes":{"format":{"type":"string","description_kind":"plain","required":true},"locator":{"type":"string","description_kind":"plain","optional":true}},"description_kind":"plain"}},"filters":{"nesting_mode":"list","block":{"attributes":{"filter_type":{"type":"string","description_kind":"plain","required":true},"mask":{"type":"string","description_kind":"plain","optional":true},"name":{"type":"string","description_kind":"plain","required":true},"regexp":{"type":"string","description_kind":"plain","required":true}},"description_kind":"plain"}},"path":{"nesting_mode":"list","block":{"attributes":{"bucket_name":{"type":"string","description_kind":"plain","optional":true},"limit_to_namespaces":{"type":["list","string"],"description_kind":"plain","optional":true},"limit_to_regions":{"type":["list","string"],"description_kind":"plain","optional":true},"path_expression":{"type":"string","description_kind":"plain","optional":true},"type":{"type":"string","description_kind":"plain","required":true}},"block_types":{"tag_filters":{"nesting_mode":"list","block":{"attributes":{"namespace":{"type":"string","description_kind":"plain","optional":true},"tags":{"type":["list","string"],"description_kind":"plain","optional":true},"type":{"type":"string","description_kind":"plain","optional":true}},"description_kind":"plain"}}},"description_kind":"plain"},"min_items":1,"max_items":1}},"description_kind":"plain"}},"sumologic_collector":{"version":0,"block":{"attributes":{"category":{"type":"string","description_kind":"plain","optional":true},"description":{"type":"string","description_kind":"plain","optional":true},"fields":{"type":["map","string"],"description_kind":"plain","optional":true},"id":{"type":"string","description_kind":"plain","optional":true,"computed":true},"name":{"type":"string","description_kind":"plain","required":true},"timezone":{"type":"string","description_kind":"plain","optional":true}},"description_kind":"plain"}},"sumologic_collector_ingest_budget_assignment":{"version":0,"block":{"attributes":{"collector_id":{"type":"string","description_kind":"plain","required":true},"id":{"type":"string","description_kind":"plain","optional":true,"computed":true},"ingest_budget_id":{"type":"string","description_kind":"plain","required":true}},"description_kind":"plain","deprecated":true}},"sumologic_connection":{"version":0,"block":{"attributes":{"connection_subtype":{"type":"string","description_kind":"plain","optional":true},"custom_headers":{"type":["map","string"],"description_kind":"plain","optional":true},"default_payload":{"type":"string","description_kind":"plain","required":true},"description":{"type":"string","description_kind":"plain","optional":true},"headers":{"type":["map","string"],"description_kind":"plain","optional":true},"id":{"type":"string","description_kind":"plain","optional":true,"computed":true},"name":{"type":"string","description_kind":"plain","required":true},"type":{"type":"string","description_kind":"plain","required":true},"url":{"type":"string","description_kind":"plain","required":true},"webhook_type":{"type":"string","description_kind":"plain","optional":true}},"description_kind":"plain"}},"sumologic_content":{"version":0,"block":{"attributes":{"config":{"type":"string","description_kind":"plain","required":true},"id":{"type":"string","description_kind":"plain","optional":true,"computed":true},"parent_id":{"type":"string","description_kind":"plain","required":true}},"block_types":{"timeouts":{"nesting_mode":"single","block":{"attributes":{"create":{"type":"string","description_kind":"plain","optional":true},"delete":{"type":"string","description_kind":"plain","optional":true},"read":{"type":"string","description_kind":"plain","optional":true},"update":{"type":"string","description_kind":"plain","optional":true}},"description_kind":"plain"}}},"description_kind":"plain"}},"sumologic_dashboard":{"version":0,"block":{"attributes":{"description":{"type":"string","description_kind":"plain","optional":true},"folder_id":{"type":"string","description_kind":"plain","optional":true},"id":{"type":"string","description_kind":"plain","optional":true,"computed":true},"refresh_interval":{"type":"number","description_kind":"plain","optional":true},"theme":{"type":"string","description_kind":"plain","optional":true},"title":{"type":"string","description_kind":"plain","required":true}},"block_types":{"coloring_rule":{"nesting_mode":"list","block":{"attributes":{"multiple_series_aggregate_function":{"type":"string","description_kind":"plain","required":true},"scope":{"type":"string","description_kind":"plain","required":true},"single_series_aggregate_function":{"type":"string","description_kind":"plain","required":true}},"block_types":{"color_threshold":{"nesting_mode":"list","block":{"attributes":{"color":{"type":"string","description_kind":"plain","required":true},"max":{"type":"number","description_kind":"plain","optional":true},"min":{"type":"number","description_kind":"plain","optional":true}},"description_kind":"plain"}}},"description_kind":"plain"}},"layout":{"nesting_mode":"list","block":{"block_types":{"grid":{"nesting_mode":"list","block":{"block_types":{"layout_structure":{"nesting_mode":"list","block":{"attributes":{"key":{"type":"string","description_kind":"plain","required":true},"structure":{"type":"string","description_kind":"plain","required":true}},"description_kind":"plain"},"min_items":1}},"description_kind":"plain"},"max_items":1}},"description_kind":"plain"},"max_items":1},"panel":{"nesting_mode":"list","block":{"block_types":{"sumo_search_panel":{"nesting_mode":"list","block":{"attributes":{"description":{"type":"string","description_kind":"plain","optional":true},"id":{"type":"string","description_kind":"plain","computed":true},"keep_visual_settings_consistent_with_parent":{"type":"bool","description_kind":"plain","optional":true},"key":{"type":"string","description_kind":"plain","required":true},"title":{"type":"string","description_kind":"plain","optional":true},"visual_settings":{"type":"string","description_kind":"plain","optional":true}},"block_types":{"coloring_rule":{"nesting_mode":"list","block":{"attributes":{"multiple_series_aggregate_function":{"type":"string","description_kind":"plain","required":true},"scope":{"type":"string","description_kind":"plain","required":true},"single_series_aggregate_function":{"type":"string","description_kind":"plain","required":true}},"block_types":{"color_threshold":{"nesting_mode":"list","block":{"attributes":{"color":{"type":"string","description_kind":"plain","required":true},"max":{"type":"number","description_kind":"plain","optional":true},"min":{"type":"number","description_kind":"plain","optional":true}},"description_kind":"plain"}}},"description_kind":"plain"},"max_items":1},"linked_dashboard":{"nesting_mode":"list","block":{"attributes":{"id":{"type":"string","description_kind":"plain","required":true},"include_time_range":{"type":"bool","description_kind":"plain","optional":true},"include_variables":{"type":"bool","description_kind":"plain","optional":true},"relative_path":{"type":"string","description_kind":"plain","optional":true}},"description_kind":"plain"},"max_items":1},"query":{"nesting_mode":"list","block":{"attributes":{"metrics_query_mode":{"type":"string","description_kind":"plain","optional":true},"query_key":{"type":"string","description_kind":"plain","required":true},"query_string":{"type":"string","description_kind":"plain","required":true},"query_type":{"type":"string","description_kind":"plain","required":true}},"block_types":{"metrics_query_data":{"nesting_mode":"list","block":{"attributes":{"aggregation_type":{"type":"string","description_kind":"plain","optional":true},"group_by":{"type":"string","description_kind":"plain","optional":true},"metric":{"type":"string","description_kind":"plain","required":true}},"block_types":{"filter":{"nesting_mode":"list","block":{"attributes":{"key":{"type":"string","description_kind":"plain","required":true},"negation":{"type":"bool","description_kind":"plain","optional":true},"value":{"type":"string","description_kind":"plain","required":true}},"description_kind":"plain"},"min_items":1},"operator":{"nesting_mode":"list","block":{"attributes":{"operator_name":{"type":"string","description_kind":"plain","required":true}},"block_types":{"parameter":{"nesting_mode":"list","block":{"attributes":{"key":{"type":"string","description_kind":"plain","required":true},"value":{"type":"string","description_kind":"plain","required":true}},"description_kind":"plain"},"min_items":1}},"description_kind":"plain"}}},"description_kind":"plain"},"max_items":1}},"description_kind":"plain"}},"time_range":{"nesting_mode":"list","block":{"block_types":{"begin_bounded_time_range":{"nesting_mode":"list","block":{"block_types":{"from":{"nesting_mode":"list","block":{"block_types":{"epoch_time_range":{"nesting_mode":"list","block":{"attributes":{"epoch_millis":{"type":"number","description_kind":"plain","required":true}},"description_kind":"plain"},"max_items":1},"iso8601_time_range":{"nesting_mode":"list","block":{"attributes":{"iso8601_time":{"type":"string","description_kind":"plain","required":true}},"description_kind":"plain"},"max_items":1},"literal_time_range":{"nesting_mode":"list","block":{"attributes":{"range_name":{"type":"string","description_kind":"plain","required":true}},"description_kind":"plain"},"max_items":1},"relative_time_range":{"nesting_mode":"list","block":{"attributes":{"relative_time":{"type":"string","description_kind":"plain","required":true}},"description_kind":"plain"},"max_items":1}},"description_kind":"plain"},"min_items":1,"max_items":1},"to":{"nesting_mode":"list","block":{"block_types":{"epoch_time_range":{"nesting_mode":"list","block":{"attributes":{"epoch_millis":{"type":"number","description_kind":"plain","required":true}},"description_kind":"plain"},"max_items":1},"iso8601_time_range":{"nesting_mode":"list","block":{"attributes":{"iso8601_time":{"type":"string","description_kind":"plain","required":true}},"description_kind":"plain"},"max_items":1},"literal_time_range":{"nesting_mode":"list","block":{"attributes":{"range_name":{"type":"string","description_kind":"plain","required":true}},"description_kind":"plain"},"max_items":1},"relative_time_range":{"nesting_mode":"list","block":{"attributes":{"relative_time":{"type":"string","description_kind":"plain","required":true}},"description_kind":"plain"},"max_items":1}},"description_kind":"plain"},"max_items":1}},"description_kind":"plain"},"max_items":1},"complete_literal_time_range":{"nesting_mode":"list","block":{"attributes":{"range_name":{"type":"string","description_kind":"plain","required":true}},"description_kind":"plain"},"max_items":1}},"description_kind":"plain"},"max_items":1}},"description_kind":"plain"},"max_items":1},"text_panel":{"nesting_mode":"list","block":{"attributes":{"id":{"type":"string","description_kind":"plain","computed":true},"keep_visual_settings_consistent_with_parent":{"type":"bool","description_kind":"plain","optional":true},"key":{"type":"string","description_kind":"plain","required":true},"text":{"type":"string","description_kind":"plain","optional":true},"title":{"type":"string","description_kind":"plain","optional":true},"visual_settings":{"type":"string","description_kind":"plain","optional":true}},"description_kind":"plain"},"max_items":1}},"description_kind":"plain"}},"time_range":{"nesting_mode":"list","block":{"block_types":{"begin_bounded_time_range":{"nesting_mode":"list","block":{"block_types":{"from":{"nesting_mode":"list","block":{"block_types":{"epoch_time_range":{"nesting_mode":"list","block":{"attributes":{"epoch_millis":{"type":"number","description_kind":"plain","required":true}},"description_kind":"plain"},"max_items":1},"iso8601_time_range":{"nesting_mode":"list","block":{"attributes":{"iso8601_time":{"type":"string","description_kind":"plain","required":true}},"description_kind":"plain"},"max_items":1},"literal_time_range":{"nesting_mode":"list","block":{"attributes":{"range_name":{"type":"string","description_kind":"plain","required":true}},"description_kind":"plain"},"max_items":1},"relative_time_range":{"nesting_mode":"list","block":{"attributes":{"relative_time":{"type":"string","description_kind":"plain","required":true}},"description_kind":"plain"},"max_items":1}},"description_kind":"plain"},"min_items":1,"max_items":1},"to":{"nesting_mode":"list","block":{"block_types":{"epoch_time_range":{"nesting_mode":"list","block":{"attributes":{"epoch_millis":{"type":"number","description_kind":"plain","required":true}},"description_kind":"plain"},"max_items":1},"iso8601_time_range":{"nesting_mode":"list","block":{"attributes":{"iso8601_time":{"type":"string","description_kind":"plain","required":true}},"description_kind":"plain"},"max_items":1},"literal_time_range":{"nesting_mode":"list","block":{"attributes":{"range_name":{"type":"string","description_kind":"plain","required":true}},"description_kind":"plain"},"max_items":1},"relative_time_range":{"nesting_mode":"list","block":{"attributes":{"relative_time":{"type":"string","description_kind":"plain","required":true}},"description_kind":"plain"},"max_items":1}},"description_kind":"plain"},"max_items":1}},"description_kind":"plain"},"max_items":1},"complete_literal_time_range":{"nesting_mode":"list","block":{"attributes":{"range_name":{"type":"string","description_kind":"plain","required":true}},"description_kind":"plain"},"max_items":1}},"description_kind":"plain"},"min_items":1,"max_items":1},"topology_label_map":{"nesting_mode":"list","block":{"block_types":{"data":{"nesting_mode":"list","block":{"attributes":{"label":{"type":"string","description_kind":"plain","required":true},"values":{"type":["list","string"],"description_kind":"plain","required":true}},"description_kind":"plain"},"min_items":1}},"description_kind":"plain"},"max_items":1},"variable":{"nesting_mode":"list","block":{"attributes":{"allow_multi_select":{"type":"bool","description_kind":"plain","optional":true},"default_value":{"type":"string","description_kind":"plain","optional":true},"display_name":{"type":"string","description_kind":"plain","optional":true},"hide_from_ui":{"type":"bool","description_kind":"plain","optional":true},"id":{"type":"string","description_kind":"plain","computed":true},"include_all_option":{"type":"bool","description_kind":"plain","optional":true},"name":{"type":"string","description_kind":"plain","required":true}},"block_types":{"source_definition":{"nesting_mode":"list","block":{"block_types":{"csv_variable_source_definition":{"nesting_mode":"list","block":{"attributes":{"values":{"type":"string","description_kind":"plain","required":true}},"description_kind":"plain"},"max_items":1},"log_query_variable_source_definition":{"nesting_mode":"list","block":{"attributes":{"field":{"type":"string","description_kind":"plain","required":true},"query":{"type":"string","description_kind":"plain","required":true}},"description_kind":"plain"},"max_items":1},"metadata_variable_source_definition":{"nesting_mode":"list","block":{"attributes":{"filter":{"type":"string","description_kind":"plain","required":true},"key":{"type":"string","description_kind":"plain","required":true}},"description_kind":"plain"},"max_items":1}},"description_kind":"plain"},"min_items":1,"max_items":1}},"description_kind":"plain"}}},"description_kind":"plain"}},"sumologic_elb_source":{"version":0,"block":{"attributes":{"automatic_date_parsing":{"type":"bool","description_kind":"plain","optional":true},"category":{"type":"string","description_kind":"plain","optional":true},"collector_id":{"type":"number","description_kind":"plain","required":true},"content_type":{"type":"string","description_kind":"plain","required":true},"cutoff_relative_time":{"type":"string","description_kind":"plain","optional":true},"cutoff_timestamp":{"type":"number","description_kind":"plain","optional":true},"description":{"type":"string","description_kind":"plain","optional":true},"fields":{"type":["map","string"],"description_kind":"plain","optional":true},"force_timezone":{"type":"bool","description_kind":"plain","optional":true},"host_name":{"type":"string","description_kind":"plain","optional":true},"id":{"type":"string","description_kind":"plain","optional":true,"computed":true},"manual_prefix_regexp":{"type":"string","description_kind":"plain","optional":true},"multiline_processing_enabled":{"type":"bool","description_kind":"plain","optional":true},"name":{"type":"string","description_kind":"plain","required":true},"paused":{"type":"bool","description_kind":"plain","required":true},"scan_interval":{"type":"number","description_kind":"plain","required":true},"timezone":{"type":"string","description_kind":"plain","optional":true},"url":{"type":"string","description_kind":"plain","computed":true},"use_autoline_matching":{"type":"bool","description_kind":"plain","optional":true}},"block_types":{"authentication":{"nesting_mode":"list","block":{"attributes":{"access_key":{"type":"string","description_kind":"plain","optional":true},"role_arn":{"type":"string","description_kind":"plain","optional":true},"secret_key":{"type":"string","description_kind":"plain","optional":true},"type":{"type":"string","description_kind":"plain","required":true}},"description_kind":"plain"},"min_items":1,"max_items":1},"default_date_formats":{"nesting_mode":"list","block":{"attributes":{"format":{"type":"string","description_kind":"plain","required":true},"locator":{"type":"string","description_kind":"plain","optional":true}},"description_kind":"plain"}},"filters":{"nesting_mode":"list","block":{"attributes":{"filter_type":{"type":"string","description_kind":"plain","required":true},"mask":{"type":"string","description_kind":"plain","optional":true},"name":{"type":"string","description_kind":"plain","required":true},"regexp":{"type":"string","description_kind":"plain","required":true}},"description_kind":"plain"}},"path":{"nesting_mode":"list","block":{"attributes":{"bucket_name":{"type":"string","description_kind":"plain","optional":true},"limit_to_namespaces":{"type":["list","string"],"description_kind":"plain","optional":true},"limit_to_regions":{"type":["list","string"],"description_kind":"plain","optional":true},"path_expression":{"type":"string","description_kind":"plain","optional":true},"type":{"type":"string","description_kind":"plain","required":true}},"block_types":{"tag_filters":{"nesting_mode":"list","block":{"attributes":{"namespace":{"type":"string","description_kind":"plain","optional":true},"tags":{"type":["list","string"],"description_kind":"plain","optional":true},"type":{"type":"string","description_kind":"plain","optional":true}},"description_kind":"plain"}}},"description_kind":"plain"},"min_items":1,"max_items":1}},"description_kind":"plain"}},"sumologic_field":{"version":0,"block":{"attributes":{"data_type":{"type":"string","description_kind":"plain","optional":true},"field_id":{"type":"string","description_kind":"plain","computed":true},"field_name":{"type":"string","description_kind":"plain","required":true},"id":{"type":"string","description_kind":"plain","optional":true,"computed":true},"state":{"type":"string","description_kind":"plain","optional":true}},"description_kind":"plain"}},"sumologic_field_extraction_rule":{"version":0,"block":{"attributes":{"enabled":{"type":"bool","description_kind":"plain","required":true},"id":{"type":"string","description_kind":"plain","optional":true,"computed":true},"name":{"type":"string","description_kind":"plain","required":true},"parse_expression":{"type":"string","description_kind":"plain","required":true},"scope":{"type":"string","description_kind":"plain","required":true}},"description_kind":"plain"}},"sumologic_folder":{"version":0,"block":{"attributes":{"description":{"type":"string","description_kind":"plain","required":true},"id":{"type":"string","description_kind":"plain","optional":true,"computed":true},"name":{"type":"string","description_kind":"plain","required":true},"parent_id":{"type":"string","description_kind":"plain","required":true}},"block_types":{"timeouts":{"nesting_mode":"single","block":{"attributes":{"delete":{"type":"string","description_kind":"plain","optional":true}},"description_kind":"plain"}}},"description_kind":"plain"}},"sumologic_gcp_source":{"version":0,"block":{"attributes":{"automatic_date_parsing":{"type":"bool","description_kind":"plain","optional":true},"category":{"type":"string","description_kind":"plain","optional":true},"collector_id":{"type":"number","description_kind":"plain","required":true},"content_type":{"type":"string","description_kind":"plain","optional":true},"cutoff_relative_time":{"type":"string","description_kind":"plain","optional":true},"cutoff_timestamp":{"type":"number","description_kind":"plain","optional":true},"description":{"type":"string","description_kind":"plain","optional":true},"fields":{"type":["map","string"],"description_kind":"plain","optional":true},"force_timezone":{"type":"bool","description_kind":"plain","optional":true},"host_name":{"type":"string","description_kind":"plain","optional":true},"id":{"type":"string","description_kind":"plain","optional":true,"computed":true},"manual_prefix_regexp":{"type":"string","description_kind":"plain","optional":true},"message_per_request":{"type":"bool","description_kind":"plain","optional":true},"multiline_processing_enabled":{"type":"bool","description_kind":"plain","optional":true},"name":{"type":"string","description_kind":"plain","required":true},"timezone":{"type":"string","description_kind":"plain","optional":true},"url":{"type":"string","description_kind":"plain","computed":true},"use_autoline_matching":{"type":"bool","description_kind":"plain","optional":true}},"block_types":{"authentication":{"nesting_mode":"list","block":{"attributes":{"type":{"type":"string","description_kind":"plain","optional":true}},"description_kind":"plain"},"max_items":1},"default_date_formats":{"nesting_mode":"list","block":{"attributes":{"format":{"type":"string","description_kind":"plain","required":true},"locator":{"type":"string","description_kind":"plain","optional":true}},"description_kind":"plain"}},"filters":{"nesting_mode":"list","block":{"attributes":{"filter_type":{"type":"string","description_kind":"plain","required":true},"mask":{"type":"string","description_kind":"plain","optional":true},"name":{"type":"string","description_kind":"plain","required":true},"regexp":{"type":"string","description_kind":"plain","required":true}},"description_kind":"plain"}},"path":{"nesting_mode":"list","block":{"attributes":{"type":{"type":"string","description_kind":"plain","optional":true}},"description_kind":"plain"},"max_items":1}},"description_kind":"plain"}},"sumologic_http_source":{"version":0,"block":{"attributes":{"automatic_date_parsing":{"type":"bool","description_kind":"plain","optional":true},"category":{"type":"string","description_kind":"plain","optional":true},"collector_id":{"type":"number","description_kind":"plain","required":true},"content_type":{"type":"string","description_kind":"plain","optional":true},"cutoff_relative_time":{"type":"string","description_kind":"plain","optional":true},"cutoff_timestamp":{"type":"number","description_kind":"plain","optional":true},"description":{"type":"string","description_kind":"plain","optional":true},"fields":{"type":["map","string"],"description_kind":"plain","optional":true},"force_timezone":{"type":"bool","description_kind":"plain","optional":true},"host_name":{"type":"string","description_kind":"plain","optional":true},"id":{"type":"string","description_kind":"plain","optional":true,"computed":true},"manual_prefix_regexp":{"type":"string","description_kind":"plain","optional":true},"message_per_request":{"type":"bool","description_kind":"plain","optional":true},"multiline_processing_enabled":{"type":"bool","description_kind":"plain","optional":true},"name":{"type":"string","description_kind":"plain","required":true},"timezone":{"type":"string","description_kind":"plain","optional":true},"url":{"type":"string","description_kind":"plain","computed":true},"use_autoline_matching":{"type":"bool","description_kind":"plain","optional":true}},"block_types":{"default_date_formats":{"nesting_mode":"list","block":{"attributes":{"format":{"type":"string","description_kind":"plain","required":true},"locator":{"type":"string","description_kind":"plain","optional":true}},"description_kind":"plain"}},"filters":{"nesting_mode":"list","block":{"attributes":{"filter_type":{"type":"string","description_kind":"plain","required":true},"mask":{"type":"string","description_kind":"plain","optional":true},"name":{"type":"string","description_kind":"plain","required":true},"regexp":{"type":"string","description_kind":"plain","required":true}},"description_kind":"plain"}}},"description_kind":"plain"}},"sumologic_ingest_budget":{"version":0,"block":{"attributes":{"action":{"type":"string","description_kind":"plain","optional":true},"capacity_bytes":{"type":"number","description_kind":"plain","required":true},"description":{"type":"string","description_kind":"plain","optional":true},"field_value":{"type":"string","description_kind":"plain","required":true},"id":{"type":"string","description_kind":"plain","optional":true,"computed":true},"name":{"type":"string","description_kind":"plain","required":true},"reset_time":{"type":"string","description_kind":"plain","optional":true},"timezone":{"type":"string","description_kind":"plain","optional":true}},"description_kind":"plain"}},"sumologic_ingest_budget_v2":{"version":0,"block":{"attributes":{"action":{"type":"string","description_kind":"plain","required":true},"audit_threshold":{"type":"number","description_kind":"plain","optional":true},"capacity_bytes":{"type":"number","description_kind":"plain","required":true},"description":{"type":"string","description_kind":"plain","optional":true},"id":{"type":"string","description_kind":"plain","optional":true,"computed":true},"name":{"type":"string","description_kind":"plain","required":true},"reset_time":{"type":"string","description_kind":"plain","required":true},"scope":{"type":"string","description_kind":"plain","required":true},"timezone":{"type":"string","description_kind":"plain","required":true}},"description_kind":"plain"}},"sumologic_kinesis_metrics_source":{"version":0,"block":{"attributes":{"automatic_date_parsing":{"type":"bool","description_kind":"plain","optional":true},"category":{"type":"string","description_kind":"plain","optional":true},"collector_id":{"type":"number","description_kind":"plain","required":true},"content_type":{"type":"string","description_kind":"plain","required":true},"cutoff_relative_time":{"type":"string","description_kind":"plain","optional":true},"cutoff_timestamp":{"type":"number","description_kind":"plain","optional":true},"description":{"type":"string","description_kind":"plain","optional":true},"fields":{"type":["map","string"],"description_kind":"plain","optional":true},"force_timezone":{"type":"bool","description_kind":"plain","optional":true},"host_name":{"type":"string","description_kind":"plain","optional":true},"id":{"type":"string","description_kind":"plain","optional":true,"computed":true},"manual_prefix_regexp":{"type":"string","description_kind":"plain","optional":true},"message_per_request":{"type":"bool","description_kind":"plain","optional":true},"multiline_processing_enabled":{"type":"bool","description_kind":"plain","optional":true},"name":{"type":"string","description_kind":"plain","required":true},"timezone":{"type":"string","description_kind":"plain","optional":true},"url":{"type":"string","description_kind":"plain","computed":true},"use_autoline_matching":{"type":"bool","description_kind":"plain","optional":true}},"block_types":{"authentication":{"nesting_mode":"list","block":{"attributes":{"access_key":{"type":"string","description_kind":"plain","optional":true},"role_arn":{"type":"string","description_kind":"plain","optional":true},"secret_key":{"type":"string","description_kind":"plain","optional":true},"type":{"type":"string","description_kind":"plain","required":true}},"description_kind":"plain"},"min_items":1,"max_items":1},"default_date_formats":{"nesting_mode":"list","block":{"attributes":{"format":{"type":"string","description_kind":"plain","required":true},"locator":{"type":"string","description_kind":"plain","optional":true}},"description_kind":"plain"}},"filters":{"nesting_mode":"list","block":{"attributes":{"filter_type":{"type":"string","description_kind":"plain","required":true},"mask":{"type":"string","description_kind":"plain","optional":true},"name":{"type":"string","description_kind":"plain","required":true},"regexp":{"type":"string","description_kind":"plain","required":true}},"description_kind":"plain"}},"path":{"nesting_mode":"list","block":{"attributes":{"type":{"type":"string","description_kind":"plain","required":true}},"block_types":{"tag_filters":{"nesting_mode":"list","block":{"attributes":{"namespace":{"type":"string","description_kind":"plain","optional":true},"tags":{"type":["list","string"],"description_kind":"plain","optional":true},"type":{"type":"string","description_kind":"plain","optional":true}},"description_kind":"plain"}}},"description_kind":"plain"},"min_items":1,"max_items":1}},"description_kind":"plain"}},"sumologic_lookup_table":{"version":0,"block":{"attributes":{"description":{"type":"string","description_kind":"plain","required":true},"id":{"type":"string","description_kind":"plain","optional":true,"computed":true},"name":{"type":"string","description_kind":"plain","optional":true},"parent_folder_id":{"type":"string","description_kind":"plain","optional":true},"primary_keys":{"type":["list","string"],"description":"The primary key field names.","description_kind":"plain","optional":true},"size_limit_action":{"type":"string","description_kind":"plain","optional":true},"ttl":{"type":"number","description_kind":"plain","optional":true}},"block_types":{"fields":{"nesting_mode":"list","block":{"attributes":{"field_name":{"type":"string","description_kind":"plain","required":true},"field_type":{"type":"string","description_kind":"plain","required":true}},"description":"The list of fields in the lookup table.","description_kind":"plain"}}},"description_kind":"plain"}},"sumologic_metadata_source":{"version":0,"block":{"attributes":{"automatic_date_parsing":{"type":"bool","description_kind":"plain","optional":true},"category":{"type":"string","description_kind":"plain","optional":true},"collector_id":{"type":"number","description_kind":"plain","required":true},"content_type":{"type":"string","description_kind":"plain","required":true},"cutoff_relative_time":{"type":"string","description_kind":"plain","optional":true},"cutoff_timestamp":{"type":"number","description_kind":"plain","optional":true},"description":{"type":"string","description_kind":"plain","optional":true},"fields":{"type":["map","string"],"description_kind":"plain","optional":true},"force_timezone":{"type":"bool","description_kind":"plain","optional":true},"host_name":{"type":"string","description_kind":"plain","optional":true},"id":{"type":"string","description_kind":"plain","optional":true,"computed":true},"manual_prefix_regexp":{"type":"string","description_kind":"plain","optional":true},"multiline_processing_enabled":{"type":"bool","description_kind":"plain","optional":true},"name":{"type":"string","description_kind":"plain","required":true},"paused":{"type":"bool","description_kind":"plain","required":true},"scan_interval":{"type":"number","description_kind":"plain","required":true},"timezone":{"type":"string","description_kind":"plain","optional":true},"url":{"type":"string","description_kind":"plain","computed":true},"use_autoline_matching":{"type":"bool","description_kind":"plain","optional":true}},"block_types":{"authentication":{"nesting_mode":"list","block":{"attributes":{"access_key":{"type":"string","description_kind":"plain","optional":true},"role_arn":{"type":"string","description_kind":"plain","optional":true},"secret_key":{"type":"string","description_kind":"plain","optional":true},"type":{"type":"string","description_kind":"plain","required":true}},"description_kind":"plain"},"min_items":1,"max_items":1},"default_date_formats":{"nesting_mode":"list","block":{"attributes":{"format":{"type":"string","description_kind":"plain","required":true},"locator":{"type":"string","description_kind":"plain","optional":true}},"description_kind":"plain"}},"filters":{"nesting_mode":"list","block":{"attributes":{"filter_type":{"type":"string","description_kind":"plain","required":true},"mask":{"type":"string","description_kind":"plain","optional":true},"name":{"type":"string","description_kind":"plain","required":true},"regexp":{"type":"string","description_kind":"plain","required":true}},"description_kind":"plain"}},"path":{"nesting_mode":"list","block":{"attributes":{"limit_to_namespaces":{"type":["list","string"],"description_kind":"plain","optional":true},"limit_to_regions":{"type":["list","string"],"description_kind":"plain","optional":true},"tag_filters":{"type":["list","string"],"description_kind":"plain","optional":true},"type":{"type":"string","description_kind":"plain","required":true}},"description_kind":"plain"},"min_items":1,"max_items":1}},"description_kind":"plain"}},"sumologic_monitor":{"version":0,"block":{"attributes":{"content_type":{"type":"string","description_kind":"plain","optional":true},"created_at":{"type":"string","description_kind":"plain","optional":true,"computed":true},"created_by":{"type":"string","description_kind":"plain","optional":true,"computed":true},"description":{"type":"string","description_kind":"plain","optional":true},"group_notifications":{"type":"bool","description_kind":"plain","optional":true},"id":{"type":"string","description_kind":"plain","optional":true,"computed":true},"is_disabled":{"type":"bool","description_kind":"plain","optional":true},"is_locked":{"type":"bool","description_kind":"plain","optional":true,"computed":true},"is_mutable":{"type":"bool","description_kind":"plain","optional":true,"computed":true},"is_system":{"type":"bool","description_kind":"plain","optional":true,"computed":true},"modified_at":{"type":"string","description_kind":"plain","optional":true,"computed":true},"modified_by":{"type":"string","description_kind":"plain","optional":true,"computed":true},"monitor_type":{"type":"string","description_kind":"plain","required":true},"name":{"type":"string","description_kind":"plain","required":true},"parent_id":{"type":"string","description_kind":"plain","optional":true,"computed":true},"post_request_map":{"type":["map","string"],"description_kind":"plain","optional":true},"status":{"type":["list","string"],"description_kind":"plain","optional":true,"computed":true},"type":{"type":"string","description_kind":"plain","optional":true},"version":{"type":"number","description_kind":"plain","optional":true,"computed":true}},"block_types":{"notifications":{"nesting_mode":"list","block":{"attributes":{"run_for_trigger_types":{"type":["list","string"],"description_kind":"plain","required":true}},"block_types":{"notification":{"nesting_mode":"list","block":{"attributes":{"action_type":{"type":"string","description_kind":"plain","deprecated":true,"optional":true,"computed":true},"connection_id":{"type":"string","description_kind":"plain","optional":true},"connection_type":{"type":"string","description_kind":"plain","optional":true,"computed":true},"message_body":{"type":"string","description_kind":"plain","optional":true},"payload_override":{"type":"string","description_kind":"plain","optional":true},"recipients":{"type":["list","string"],"description_kind":"plain","optional":true},"subject":{"type":"string","description_kind":"plain","optional":true},"time_zone":{"type":"string","description_kind":"plain","optional":true}},"description_kind":"plain"},"min_items":1,"max_items":1}},"description_kind":"plain"}},"queries":{"nesting_mode":"list","block":{"attributes":{"query":{"type":"string","description_kind":"plain","required":true},"row_id":{"type":"string","description_kind":"plain","required":true}},"description_kind":"plain"}},"trigger_conditions":{"nesting_mode":"list","block":{"block_types":{"logs_missing_data_condition":{"nesting_mode":"list","block":{"attributes":{"time_range":{"type":"string","description_kind":"plain","required":true}},"description_kind":"plain"},"max_items":1},"logs_outlier_condition":{"nesting_mode":"list","block":{"attributes":{"direction":{"type":"string","description_kind":"plain","optional":true},"field":{"type":"string","description_kind":"plain","optional":true}},"block_types":{"critical":{"nesting_mode":"list","block":{"attributes":{"consecutive":{"type":"number","description_kind":"plain","optional":true},"threshold":{"type":"number","description_kind":"plain","optional":true},"window":{"type":"number","description_kind":"plain","optional":true}},"description_kind":"plain"},"max_items":1},"warning":{"nesting_mode":"list","block":{"attributes":{"consecutive":{"type":"number","description_kind":"plain","optional":true},"threshold":{"type":"number","description_kind":"plain","optional":true},"window":{"type":"number","description_kind":"plain","optional":true}},"description_kind":"plain"},"max_items":1}},"description_kind":"plain"},"max_items":1},"logs_static_condition":{"nesting_mode":"list","block":{"attributes":{"field":{"type":"string","description_kind":"plain","optional":true}},"block_types":{"critical":{"nesting_mode":"list","block":{"attributes":{"time_range":{"type":"string","description_kind":"plain","required":true}},"block_types":{"alert":{"nesting_mode":"list","block":{"attributes":{"threshold":{"type":"number","description_kind":"plain","optional":true},"threshold_type":{"type":"string","description_kind":"plain","optional":true}},"description_kind":"plain"},"min_items":1,"max_items":1},"resolution":{"nesting_mode":"list","block":{"attributes":{"threshold":{"type":"number","description_kind":"plain","optional":true},"threshold_type":{"type":"string","description_kind":"plain","optional":true}},"description_kind":"plain"},"min_items":1,"max_items":1}},"description_kind":"plain"},"max_items":1},"warning":{"nesting_mode":"list","block":{"attributes":{"time_range":{"type":"string","description_kind":"plain","required":true}},"block_types":{"alert":{"nesting_mode":"list","block":{"attributes":{"threshold":{"type":"number","description_kind":"plain","optional":true},"threshold_type":{"type":"string","description_kind":"plain","optional":true}},"description_kind":"plain"},"min_items":1,"max_items":1},"resolution":{"nesting_mode":"list","block":{"attributes":{"threshold":{"type":"number","description_kind":"plain","optional":true},"threshold_type":{"type":"string","description_kind":"plain","optional":true}},"description_kind":"plain"},"min_items":1,"max_items":1}},"description_kind":"plain"},"max_items":1}},"description_kind":"plain"},"max_items":1},"metrics_missing_data_condition":{"nesting_mode":"list","block":{"attributes":{"time_range":{"type":"string","description_kind":"plain","required":true},"trigger_source":{"type":"string","description_kind":"plain","required":true}},"description_kind":"plain"},"max_items":1},"metrics_outlier_condition":{"nesting_mode":"list","block":{"attributes":{"direction":{"type":"string","description_kind":"plain","optional":true}},"block_types":{"critical":{"nesting_mode":"list","block":{"attributes":{"baseline_window":{"type":"string","description_kind":"plain","optional":true},"threshold":{"type":"number","description_kind":"plain","optional":true}},"description_kind":"plain"},"max_items":1},"warning":{"nesting_mode":"list","block":{"attributes":{"baseline_window":{"type":"string","description_kind":"plain","optional":true},"threshold":{"type":"number","description_kind":"plain","optional":true}},"description_kind":"plain"},"max_items":1}},"description_kind":"plain"},"max_items":1},"metrics_static_condition":{"nesting_mode":"list","block":{"block_types":{"critical":{"nesting_mode":"list","block":{"attributes":{"occurrence_type":{"type":"string","description_kind":"plain","required":true},"time_range":{"type":"string","description_kind":"plain","required":true}},"block_types":{"alert":{"nesting_mode":"list","block":{"attributes":{"threshold":{"type":"number","description_kind":"plain","optional":true},"threshold_type":{"type":"string","description_kind":"plain","optional":true}},"description_kind":"plain"},"min_items":1,"max_items":1},"resolution":{"nesting_mode":"list","block":{"attributes":{"threshold":{"type":"number","description_kind":"plain","optional":true},"threshold_type":{"type":"string","description_kind":"plain","optional":true}},"description_kind":"plain"},"min_items":1,"max_items":1}},"description_kind":"plain"},"max_items":1},"warning":{"nesting_mode":"list","block":{"attributes":{"occurrence_type":{"type":"string","description_kind":"plain","required":true},"time_range":{"type":"string","description_kind":"plain","required":true}},"block_types":{"alert":{"nesting_mode":"list","block":{"attributes":{"threshold":{"type":"number","description_kind":"plain","optional":true},"threshold_type":{"type":"string","description_kind":"plain","optional":true}},"description_kind":"plain"},"min_items":1,"max_items":1},"resolution":{"nesting_mode":"list","block":{"attributes":{"threshold":{"type":"number","description_kind":"plain","optional":true},"threshold_type":{"type":"string","description_kind":"plain","optional":true}},"description_kind":"plain"},"min_items":1,"max_items":1}},"description_kind":"plain"},"max_items":1}},"description_kind":"plain"},"max_items":1}},"description_kind":"plain"},"max_items":1},"triggers":{"nesting_mode":"list","block":{"attributes":{"detection_method":{"type":"string","description_kind":"plain","optional":true},"occurrence_type":{"type":"string","description_kind":"plain","optional":true},"threshold":{"type":"number","description_kind":"plain","optional":true},"threshold_type":{"type":"string","description_kind":"plain","optional":true},"time_range":{"type":"string","description_kind":"plain","optional":true},"trigger_source":{"type":"string","description_kind":"plain","optional":true},"trigger_type":{"type":"string","description_kind":"plain","optional":true}},"description_kind":"plain"}}},"description_kind":"plain"}},"sumologic_monitor_folder":{"version":0,"block":{"attributes":{"content_type":{"type":"string","description_kind":"plain","optional":true},"created_at":{"type":"string","description_kind":"plain","optional":true,"computed":true},"created_by":{"type":"string","description_kind":"plain","optional":true,"computed":true},"description":{"type":"string","description_kind":"plain","required":true},"id":{"type":"string","description_kind":"plain","optional":true,"computed":true},"is_locked":{"type":"bool","description_kind":"plain","optional":true},"is_mutable":{"type":"bool","description_kind":"plain","optional":true,"computed":true},"is_system":{"type":"bool","description_kind":"plain","optional":true,"computed":true},"modified_at":{"type":"string","description_kind":"plain","optional":true,"computed":true},"modified_by":{"type":"string","description_kind":"plain","optional":true,"computed":true},"name":{"type":"string","description_kind":"plain","required":true},"parent_id":{"type":"string","description_kind":"plain","optional":true,"computed":true},"post_request_map":{"type":["map","string"],"description_kind":"plain","optional":true},"type":{"type":"string","description_kind":"plain","optional":true},"version":{"type":"number","description_kind":"plain","optional":true,"computed":true}},"description_kind":"plain"}},"sumologic_partition":{"version":0,"block":{"attributes":{"analytics_tier":{"type":"string","description_kind":"plain","optional":true},"data_forwarding_id":{"type":"string","description_kind":"plain","computed":true},"id":{"type":"string","description_kind":"plain","optional":true,"computed":true},"index_type":{"type":"string","description_kind":"plain","computed":true},"is_active":{"type":"bool","description_kind":"plain","computed":true},"is_compliant":{"type":"bool","description_kind":"plain","optional":true},"name":{"type":"string","description_kind":"plain","required":true},"reduce_retention_period_immediately":{"type":"bool","description_kind":"plain","optional":true},"retention_period":{"type":"number","description_kind":"plain","optional":true},"routing_expression":{"type":"string","description_kind":"plain","optional":true},"total_bytes":{"type":"number","description_kind":"plain","computed":true}},"description_kind":"plain"}},"sumologic_password_policy":{"version":0,"block":{"attributes":{"account_lockout_duration_in_mins":{"type":"number","description_kind":"plain","optional":true},"account_lockout_threshold":{"type":"number","description_kind":"plain","optional":true},"failed_login_reset_duration_in_mins":{"type":"number","description_kind":"plain","optional":true},"id":{"type":"string","description_kind":"plain","optional":true,"computed":true},"max_length":{"type":"number","description_kind":"plain","optional":true},"max_password_age_in_days":{"type":"number","description_kind":"plain","optional":true},"min_length":{"type":"number","description_kind":"plain","optional":true},"min_unique_passwords":{"type":"number","description_kind":"plain","optional":true},"must_contain_digits":{"type":"bool","description_kind":"plain","optional":true},"must_contain_lowercase":{"type":"bool","description_kind":"plain","optional":true},"must_contain_special_chars":{"type":"bool","description_kind":"plain","optional":true},"must_contain_uppercase":{"type":"bool","description_kind":"plain","optional":true},"remember_mfa":{"type":"bool","description_kind":"plain","optional":true},"require_mfa":{"type":"bool","description_kind":"plain","optional":true}},"description_kind":"plain"}},"sumologic_polling_source":{"version":0,"block":{"attributes":{"automatic_date_parsing":{"type":"bool","description_kind":"plain","optional":true},"category":{"type":"string","description_kind":"plain","optional":true},"collector_id":{"type":"number","description_kind":"plain","required":true},"content_type":{"type":"string","description_kind":"plain","required":true},"cutoff_relative_time":{"type":"string","description_kind":"plain","optional":true},"cutoff_timestamp":{"type":"number","description_kind":"plain","optional":true},"description":{"type":"string","description_kind":"plain","optional":true},"fields":{"type":["map","string"],"description_kind":"plain","optional":true},"force_timezone":{"type":"bool","description_kind":"plain","optional":true},"host_name":{"type":"string","description_kind":"plain","optional":true},"id":{"type":"string","description_kind":"plain","optional":true,"computed":true},"manual_prefix_regexp":{"type":"string","description_kind":"plain","optional":true},"multiline_processing_enabled":{"type":"bool","description_kind":"plain","optional":true},"name":{"type":"string","description_kind":"plain","required":true},"paused":{"type":"bool","description_kind":"plain","required":true},"scan_interval":{"type":"number","description_kind":"plain","required":true},"timezone":{"type":"string","description_kind":"plain","optional":true},"url":{"type":"string","description_kind":"plain","computed":true},"use_autoline_matching":{"type":"bool","description_kind":"plain","optional":true}},"block_types":{"authentication":{"nesting_mode":"list","block":{"attributes":{"access_key":{"type":"string","description_kind":"plain","optional":true},"role_arn":{"type":"string","description_kind":"plain","optional":true},"secret_key":{"type":"string","description_kind":"plain","optional":true},"type":{"type":"string","description_kind":"plain","required":true}},"description_kind":"plain"},"min_items":1,"max_items":1},"default_date_formats":{"nesting_mode":"list","block":{"attributes":{"format":{"type":"string","description_kind":"plain","required":true},"locator":{"type":"string","description_kind":"plain","optional":true}},"description_kind":"plain"}},"filters":{"nesting_mode":"list","block":{"attributes":{"filter_type":{"type":"string","description_kind":"plain","required":true},"mask":{"type":"string","description_kind":"plain","optional":true},"name":{"type":"string","description_kind":"plain","required":true},"regexp":{"type":"string","description_kind":"plain","required":true}},"description_kind":"plain"}},"path":{"nesting_mode":"list","block":{"attributes":{"bucket_name":{"type":"string","description_kind":"plain","optional":true},"limit_to_namespaces":{"type":["list","string"],"description_kind":"plain","optional":true},"limit_to_regions":{"type":["list","string"],"description_kind":"plain","optional":true},"path_expression":{"type":"string","description_kind":"plain","optional":true},"type":{"type":"string","description_kind":"plain","required":true}},"block_types":{"tag_filters":{"nesting_mode":"list","block":{"attributes":{"namespace":{"type":"string","description_kind":"plain","optional":true},"tags":{"type":["list","string"],"description_kind":"plain","optional":true},"type":{"type":"string","description_kind":"plain","optional":true}},"description_kind":"plain"}}},"description_kind":"plain"},"min_items":1,"max_items":1}},"description_kind":"plain","deprecated":true}},"sumologic_role":{"version":0,"block":{"attributes":{"capabilities":{"type":["set","string"],"description_kind":"plain","optional":true},"description":{"type":"string","description_kind":"plain","optional":true},"filter_predicate":{"type":"string","description_kind":"plain","optional":true},"id":{"type":"string","description_kind":"plain","optional":true,"computed":true},"name":{"type":"string","description_kind":"plain","required":true}},"description_kind":"plain"}},"sumologic_s3_audit_source":{"version":0,"block":{"attributes":{"automatic_date_parsing":{"type":"bool","description_kind":"plain","optional":true},"category":{"type":"string","description_kind":"plain","optional":true},"collector_id":{"type":"number","description_kind":"plain","required":true},"content_type":{"type":"string","description_kind":"plain","required":true},"cutoff_relative_time":{"type":"string","description_kind":"plain","optional":true},"cutoff_timestamp":{"type":"number","description_kind":"plain","optional":true},"description":{"type":"string","description_kind":"plain","optional":true},"fields":{"type":["map","string"],"description_kind":"plain","optional":true},"force_timezone":{"type":"bool","description_kind":"plain","optional":true},"host_name":{"type":"string","description_kind":"plain","optional":true},"id":{"type":"string","description_kind":"plain","optional":true,"computed":true},"manual_prefix_regexp":{"type":"string","description_kind":"plain","optional":true},"multiline_processing_enabled":{"type":"bool","description_kind":"plain","optional":true},"name":{"type":"string","description_kind":"plain","required":true},"paused":{"type":"bool","description_kind":"plain","required":true},"scan_interval":{"type":"number","description_kind":"plain","required":true},"timezone":{"type":"string","description_kind":"plain","optional":true},"url":{"type":"string","description_kind":"plain","computed":true},"use_autoline_matching":{"type":"bool","description_kind":"plain","optional":true}},"block_types":{"authentication":{"nesting_mode":"list","block":{"attributes":{"access_key":{"type":"string","description_kind":"plain","optional":true},"role_arn":{"type":"string","description_kind":"plain","optional":true},"secret_key":{"type":"string","description_kind":"plain","optional":true},"type":{"type":"string","description_kind":"plain","required":true}},"description_kind":"plain"},"min_items":1,"max_items":1},"default_date_formats":{"nesting_mode":"list","block":{"attributes":{"format":{"type":"string","description_kind":"plain","required":true},"locator":{"type":"string","description_kind":"plain","optional":true}},"description_kind":"plain"}},"filters":{"nesting_mode":"list","block":{"attributes":{"filter_type":{"type":"string","description_kind":"plain","required":true},"mask":{"type":"string","description_kind":"plain","optional":true},"name":{"type":"string","description_kind":"plain","required":true},"regexp":{"type":"string","description_kind":"plain","required":true}},"description_kind":"plain"}},"path":{"nesting_mode":"list","block":{"attributes":{"bucket_name":{"type":"string","description_kind":"plain","optional":true},"limit_to_namespaces":{"type":["list","string"],"description_kind":"plain","optional":true},"limit_to_regions":{"type":["list","string"],"description_kind":"plain","optional":true},"path_expression":{"type":"string","description_kind":"plain","optional":true},"type":{"type":"string","description_kind":"plain","required":true}},"block_types":{"tag_filters":{"nesting_mode":"list","block":{"attributes":{"namespace":{"type":"string","description_kind":"plain","optional":true},"tags":{"type":["list","string"],"description_kind":"plain","optional":true},"type":{"type":"string","description_kind":"plain","optional":true}},"description_kind":"plain"}}},"description_kind":"plain"},"min_items":1,"max_items":1}},"description_kind":"plain"}},"sumologic_s3_source":{"version":0,"block":{"attributes":{"automatic_date_parsing":{"type":"bool","description_kind":"plain","optional":true},"category":{"type":"string","description_kind":"plain","optional":true},"collector_id":{"type":"number","description_kind":"plain","required":true},"content_type":{"type":"string","description_kind":"plain","required":true},"cutoff_relative_time":{"type":"string","description_kind":"plain","optional":true},"cutoff_timestamp":{"type":"number","description_kind":"plain","optional":true},"description":{"type":"string","description_kind":"plain","optional":true},"fields":{"type":["map","string"],"description_kind":"plain","optional":true},"force_timezone":{"type":"bool","description_kind":"plain","optional":true},"host_name":{"type":"string","description_kind":"plain","optional":true},"id":{"type":"string","description_kind":"plain","optional":true,"computed":true},"manual_prefix_regexp":{"type":"string","description_kind":"plain","optional":true},"multiline_processing_enabled":{"type":"bool","description_kind":"plain","optional":true},"name":{"type":"string","description_kind":"plain","required":true},"paused":{"type":"bool","description_kind":"plain","required":true},"scan_interval":{"type":"number","description_kind":"plain","required":true},"timezone":{"type":"string","description_kind":"plain","optional":true},"url":{"type":"string","description_kind":"plain","computed":true},"use_autoline_matching":{"type":"bool","description_kind":"plain","optional":true}},"block_types":{"authentication":{"nesting_mode":"list","block":{"attributes":{"access_key":{"type":"string","description_kind":"plain","optional":true},"role_arn":{"type":"string","description_kind":"plain","optional":true},"secret_key":{"type":"string","description_kind":"plain","optional":true},"type":{"type":"string","description_kind":"plain","required":true}},"description_kind":"plain"},"min_items":1,"max_items":1},"default_date_formats":{"nesting_mode":"list","block":{"attributes":{"format":{"type":"string","description_kind":"plain","required":true},"locator":{"type":"string","description_kind":"plain","optional":true}},"description_kind":"plain"}},"filters":{"nesting_mode":"list","block":{"attributes":{"filter_type":{"type":"string","description_kind":"plain","required":true},"mask":{"type":"string","description_kind":"plain","optional":true},"name":{"type":"string","description_kind":"plain","required":true},"regexp":{"type":"string","description_kind":"plain","required":true}},"description_kind":"plain"}},"path":{"nesting_mode":"list","block":{"attributes":{"bucket_name":{"type":"string","description_kind":"plain","optional":true},"limit_to_namespaces":{"type":["list","string"],"description_kind":"plain","optional":true},"limit_to_regions":{"type":["list","string"],"description_kind":"plain","optional":true},"path_expression":{"type":"string","description_kind":"plain","optional":true},"type":{"type":"string","description_kind":"plain","required":true}},"block_types":{"tag_filters":{"nesting_mode":"list","block":{"attributes":{"namespace":{"type":"string","description_kind":"plain","optional":true},"tags":{"type":["list","string"],"description_kind":"plain","optional":true},"type":{"type":"string","description_kind":"plain","optional":true}},"description_kind":"plain"}}},"description_kind":"plain"},"min_items":1,"max_items":1}},"description_kind":"plain"}},"sumologic_saml_configuration":{"version":0,"block":{"attributes":{"assertion_consumer_url":{"type":"string","description_kind":"plain","computed":true},"authn_request_url":{"type":"string","description_kind":"plain","optional":true},"certificate":{"type":"string","description_kind":"plain","computed":true},"configuration_name":{"type":"string","description_kind":"plain","required":true},"debug_mode":{"type":"bool","description_kind":"plain","optional":true},"disable_requested_authn_context":{"type":"bool","description_kind":"plain","optional":true},"email_attribute":{"type":"string","description_kind":"plain","optional":true},"entity_id":{"type":"string","description_kind":"plain","computed":true},"id":{"type":"string","description_kind":"plain","optional":true,"computed":true},"is_redirect_binding":{"type":"bool","description_kind":"plain","optional":true},"issuer":{"type":"string","description_kind":"plain","required":true},"logout_enabled":{"type":"bool","description_kind":"plain","optional":true},"logout_url":{"type":"string","description_kind":"plain","optional":true},"roles_attribute":{"type":"string","description_kind":"plain","optional":true},"sign_authn_request":{"type":"bool","description_kind":"plain","optional":true},"sp_initiated_login_enabled":{"type":"bool","description_kind":"plain","optional":true},"sp_initiated_login_path":{"type":"string","description_kind":"plain","optional":true},"x509cert1":{"type":"string","description_kind":"plain","required":true},"x509cert2":{"type":"string","description_kind":"plain","optional":true},"x509cert3":{"type":"string","description_kind":"plain","optional":true}},"block_types":{"on_demand_provisioning_enabled":{"nesting_mode":"list","block":{"attributes":{"first_name_attribute":{"type":"string","description_kind":"plain","optional":true},"last_name_attribute":{"type":"string","description_kind":"plain","optional":true},"on_demand_provisioning_roles":{"type":["list","string"],"description_kind":"plain","required":true}},"description_kind":"plain"},"max_items":1}},"description_kind":"plain"}},"sumologic_scheduled_view":{"version":0,"block":{"attributes":{"data_forwarding_id":{"type":"string","description_kind":"plain","optional":true},"id":{"type":"string","description_kind":"plain","optional":true,"computed":true},"index_name":{"type":"string","description_kind":"plain","required":true},"parsing_mode":{"type":"string","description_kind":"plain","optional":true},"query":{"type":"string","description_kind":"plain","required":true},"reduce_retention_period_immediately":{"type":"bool","description_kind":"plain","optional":true},"retention_period":{"type":"number","description_kind":"plain","optional":true},"start_time":{"type":"string","description_kind":"plain","required":true}},"description_kind":"plain"}},"sumologic_subdomain":{"version":0,"block":{"attributes":{"id":{"type":"string","description_kind":"plain","optional":true,"computed":true},"subdomain":{"type":"string","description_kind":"plain","required":true}},"description_kind":"plain"}},"sumologic_token":{"version":0,"block":{"attributes":{"description":{"type":"string","description_kind":"plain","optional":true},"encoded_token_and_url":{"type":"string","description_kind":"plain","computed":true},"id":{"type":"string","description_kind":"plain","optional":true,"computed":true},"name":{"type":"string","description_kind":"plain","required":true},"status":{"type":"string","description_kind":"plain","required":true},"type":{"type":"string","description_kind":"plain","required":true},"version":{"type":"number","description_kind":"plain","optional":true,"computed":true}},"description_kind":"plain"}},"sumologic_user":{"version":0,"block":{"attributes":{"email":{"type":"string","description_kind":"plain","required":true},"first_name":{"type":"string","description_kind":"plain","required":true},"id":{"type":"string","description_kind":"plain","optional":true,"computed":true},"is_active":{"type":"bool","description_kind":"plain","required":true},"last_name":{"type":"string","description_kind":"plain","required":true},"role_ids":{"type":["set","string"],"description_kind":"plain","required":true},"transfer_to":{"type":"string","description_kind":"plain","required":true}},"description_kind":"plain"}}},"data_source_schemas":{"sumologic_admin_recommended_folder":{"version":0,"block":{"attributes":{"description":{"type":"string","description_kind":"plain","optional":true,"computed":true},"id":{"type":"string","description_kind":"plain","optional":true,"computed":true},"name":{"type":"string","description_kind":"plain","optional":true,"computed":true}},"block_types":{"timeouts":{"nesting_mode":"single","block":{"attributes":{"read":{"type":"string","description_kind":"plain","optional":true}},"description_kind":"plain"}}},"description_kind":"plain"}},"sumologic_caller_identity":{"version":0,"block":{"attributes":{"access_id":{"type":"string","description_kind":"plain","computed":true},"environment":{"type":"string","description_kind":"plain","computed":true},"id":{"type":"string","description_kind":"plain","optional":true,"computed":true}},"description_kind":"plain"}},"sumologic_collector":{"version":0,"block":{"attributes":{"category":{"type":"string","description_kind":"plain","computed":true},"description":{"type":"string","description_kind":"plain","computed":true},"fields":{"type":["map","string"],"description_kind":"plain","computed":true},"id":{"type":"number","description_kind":"plain","optional":true,"computed":true},"name":{"type":"string","description_kind":"plain","optional":true,"computed":true},"timezone":{"type":"string","description_kind":"plain","computed":true}},"description_kind":"plain"}},"sumologic_http_source":{"version":0,"block":{"attributes":{"category":{"type":"string","description_kind":"plain","computed":true},"collector_id":{"type":"number","description_kind":"plain","optional":true},"description":{"type":"string","description_kind":"plain","computed":true},"id":{"type":"number","description_kind":"plain","optional":true,"computed":true},"multiline":{"type":"bool","description_kind":"plain","computed":true},"name":{"type":"string","description_kind":"plain","optional":true},"timezone":{"type":"string","description_kind":"plain","computed":true},"url":{"type":"string","description_kind":"plain","computed":true}},"description_kind":"plain"}},"sumologic_my_user_id":{"version":0,"block":{"attributes":{"id":{"type":"string","description_kind":"plain","optional":true,"computed":true}},"description_kind":"plain"}},"sumologic_personal_folder":{"version":0,"block":{"attributes":{"description":{"type":"string","description_kind":"plain","optional":true,"computed":true},"id":{"type":"string","description_kind":"plain","optional":true,"computed":true},"name":{"type":"string","description_kind":"plain","optional":true,"computed":true}},"description_kind":"plain"}},"sumologic_role":{"version":0,"block":{"attributes":{"capabilities":{"type":["set","string"],"description_kind":"plain","computed":true},"description":{"type":"string","description_kind":"plain","computed":true},"filter_predicate":{"type":"string","description_kind":"plain","computed":true},"id":{"type":"string","description_kind":"plain","optional":true,"computed":true},"name":{"type":"string","description_kind":"plain","optional":true,"computed":true}},"description_kind":"plain"}}}}}}
