{"format_version":"0.2","provider_schemas":{"registry.terraform.io/sysdiglabs/sysdig":{"provider":{"version":0,"block":{"attributes":{"extra_headers":{"type":["map","string"],"description_kind":"plain","optional":true},"sysdig_monitor_api_token":{"type":"string","description_kind":"plain","optional":true,"sensitive":true},"sysdig_monitor_insecure_tls":{"type":"bool","description_kind":"plain","optional":true},"sysdig_monitor_url":{"type":"string","description_kind":"plain","optional":true},"sysdig_secure_api_token":{"type":"string","description_kind":"plain","optional":true,"sensitive":true},"sysdig_secure_insecure_tls":{"type":"bool","description_kind":"plain","optional":true},"sysdig_secure_url":{"type":"string","description_kind":"plain","optional":true}},"description_kind":"plain"}},"resource_schemas":{"sysdig_monitor_alert_anomaly":{"version":0,"block":{"attributes":{"description":{"type":"string","description_kind":"plain","optional":true},"enabled":{"type":"bool","description_kind":"plain","optional":true},"id":{"type":"string","description_kind":"plain","optional":true,"computed":true},"monitor":{"type":["list","string"],"description_kind":"plain","required":true},"multiple_alerts_by":{"type":["list","string"],"description_kind":"plain","optional":true},"name":{"type":"string","description_kind":"plain","required":true},"notification_channels":{"type":["list","number"],"description_kind":"plain","optional":true},"renotification_minutes":{"type":"number","description_kind":"plain","optional":true},"scope":{"type":"string","description_kind":"plain","optional":true},"severity":{"type":"number","description_kind":"plain","optional":true},"team":{"type":"number","description_kind":"plain","computed":true},"trigger_after_minutes":{"type":"number","description_kind":"plain","required":true},"version":{"type":"number","description_kind":"plain","computed":true}},"block_types":{"capture":{"nesting_mode":"set","block":{"attributes":{"duration":{"type":"number","description_kind":"plain","required":true},"filename":{"type":"string","description_kind":"plain","required":true},"filter":{"type":"string","description_kind":"plain","optional":true}},"description_kind":"plain"},"max_items":1},"custom_notification":{"nesting_mode":"list","block":{"attributes":{"append":{"type":"string","description_kind":"plain","optional":true},"prepend":{"type":"string","description_kind":"plain","optional":true},"title":{"type":"string","description_kind":"plain","required":true}},"description_kind":"plain"},"max_items":1},"timeouts":{"nesting_mode":"single","block":{"attributes":{"create":{"type":"string","description_kind":"plain","optional":true},"delete":{"type":"string","description_kind":"plain","optional":true},"read":{"type":"string","description_kind":"plain","optional":true},"update":{"type":"string","description_kind":"plain","optional":true}},"description_kind":"plain"}}},"description_kind":"plain"}},"sysdig_monitor_alert_downtime":{"version":0,"block":{"attributes":{"description":{"type":"string","description_kind":"plain","optional":true},"enabled":{"type":"bool","description_kind":"plain","optional":true},"entities_to_monitor":{"type":["list","string"],"description_kind":"plain","required":true},"id":{"type":"string","description_kind":"plain","optional":true,"computed":true},"name":{"type":"string","description_kind":"plain","required":true},"notification_channels":{"type":["list","number"],"description_kind":"plain","optional":true},"renotification_minutes":{"type":"number","description_kind":"plain","optional":true},"scope":{"type":"string","description_kind":"plain","optional":true},"severity":{"type":"number","description_kind":"plain","optional":true},"team":{"type":"number","description_kind":"plain","computed":true},"trigger_after_minutes":{"type":"number","description_kind":"plain","required":true},"trigger_after_pct":{"type":"number","description_kind":"plain","optional":true},"version":{"type":"number","description_kind":"plain","computed":true}},"block_types":{"capture":{"nesting_mode":"set","block":{"attributes":{"duration":{"type":"number","description_kind":"plain","required":true},"filename":{"type":"string","description_kind":"plain","required":true},"filter":{"type":"string","description_kind":"plain","optional":true}},"description_kind":"plain"},"max_items":1},"custom_notification":{"nesting_mode":"list","block":{"attributes":{"append":{"type":"string","description_kind":"plain","optional":true},"prepend":{"type":"string","description_kind":"plain","optional":true},"title":{"type":"string","description_kind":"plain","required":true}},"description_kind":"plain"},"max_items":1},"timeouts":{"nesting_mode":"single","block":{"attributes":{"create":{"type":"string","description_kind":"plain","optional":true},"delete":{"type":"string","description_kind":"plain","optional":true},"read":{"type":"string","description_kind":"plain","optional":true},"update":{"type":"string","description_kind":"plain","optional":true}},"description_kind":"plain"}}},"description_kind":"plain"}},"sysdig_monitor_alert_event":{"version":0,"block":{"attributes":{"description":{"type":"string","description_kind":"plain","optional":true},"enabled":{"type":"bool","description_kind":"plain","optional":true},"event_count":{"type":"number","description_kind":"plain","required":true},"event_name":{"type":"string","description_kind":"plain","required":true},"event_rel":{"type":"string","description_kind":"plain","required":true},"id":{"type":"string","description_kind":"plain","optional":true,"computed":true},"multiple_alerts_by":{"type":["list","string"],"description_kind":"plain","optional":true},"name":{"type":"string","description_kind":"plain","required":true},"notification_channels":{"type":["list","number"],"description_kind":"plain","optional":true},"renotification_minutes":{"type":"number","description_kind":"plain","optional":true},"scope":{"type":"string","description_kind":"plain","optional":true},"severity":{"type":"number","description_kind":"plain","optional":true},"source":{"type":"string","description_kind":"plain","required":true},"team":{"type":"number","description_kind":"plain","computed":true},"trigger_after_minutes":{"type":"number","description_kind":"plain","required":true},"version":{"type":"number","description_kind":"plain","computed":true}},"block_types":{"capture":{"nesting_mode":"set","block":{"attributes":{"duration":{"type":"number","description_kind":"plain","required":true},"filename":{"type":"string","description_kind":"plain","required":true},"filter":{"type":"string","description_kind":"plain","optional":true}},"description_kind":"plain"},"max_items":1},"custom_notification":{"nesting_mode":"list","block":{"attributes":{"append":{"type":"string","description_kind":"plain","optional":true},"prepend":{"type":"string","description_kind":"plain","optional":true},"title":{"type":"string","description_kind":"plain","required":true}},"description_kind":"plain"},"max_items":1},"timeouts":{"nesting_mode":"single","block":{"attributes":{"create":{"type":"string","description_kind":"plain","optional":true},"delete":{"type":"string","description_kind":"plain","optional":true},"read":{"type":"string","description_kind":"plain","optional":true},"update":{"type":"string","description_kind":"plain","optional":true}},"description_kind":"plain"}}},"description_kind":"plain"}},"sysdig_monitor_alert_group_outlier":{"version":0,"block":{"attributes":{"description":{"type":"string","description_kind":"plain","optional":true},"enabled":{"type":"bool","description_kind":"plain","optional":true},"id":{"type":"string","description_kind":"plain","optional":true,"computed":true},"monitor":{"type":["list","string"],"description_kind":"plain","required":true},"name":{"type":"string","description_kind":"plain","required":true},"notification_channels":{"type":["list","number"],"description_kind":"plain","optional":true},"renotification_minutes":{"type":"number","description_kind":"plain","optional":true},"scope":{"type":"string","description_kind":"plain","optional":true},"severity":{"type":"number","description_kind":"plain","optional":true},"team":{"type":"number","description_kind":"plain","computed":true},"trigger_after_minutes":{"type":"number","description_kind":"plain","required":true},"version":{"type":"number","description_kind":"plain","computed":true}},"block_types":{"capture":{"nesting_mode":"set","block":{"attributes":{"duration":{"type":"number","description_kind":"plain","required":true},"filename":{"type":"string","description_kind":"plain","required":true},"filter":{"type":"string","description_kind":"plain","optional":true}},"description_kind":"plain"},"max_items":1},"custom_notification":{"nesting_mode":"list","block":{"attributes":{"append":{"type":"string","description_kind":"plain","optional":true},"prepend":{"type":"string","description_kind":"plain","optional":true},"title":{"type":"string","description_kind":"plain","required":true}},"description_kind":"plain"},"max_items":1},"timeouts":{"nesting_mode":"single","block":{"attributes":{"create":{"type":"string","description_kind":"plain","optional":true},"delete":{"type":"string","description_kind":"plain","optional":true},"read":{"type":"string","description_kind":"plain","optional":true},"update":{"type":"string","description_kind":"plain","optional":true}},"description_kind":"plain"}}},"description_kind":"plain"}},"sysdig_monitor_alert_metric":{"version":0,"block":{"attributes":{"description":{"type":"string","description_kind":"plain","optional":true},"enabled":{"type":"bool","description_kind":"plain","optional":true},"id":{"type":"string","description_kind":"plain","optional":true,"computed":true},"metric":{"type":"string","description_kind":"plain","required":true},"multiple_alerts_by":{"type":["list","string"],"description_kind":"plain","optional":true},"name":{"type":"string","description_kind":"plain","required":true},"notification_channels":{"type":["list","number"],"description_kind":"plain","optional":true},"renotification_minutes":{"type":"number","description_kind":"plain","optional":true},"scope":{"type":"string","description_kind":"plain","optional":true},"severity":{"type":"number","description_kind":"plain","optional":true},"team":{"type":"number","description_kind":"plain","computed":true},"trigger_after_minutes":{"type":"number","description_kind":"plain","required":true},"version":{"type":"number","description_kind":"plain","computed":true}},"block_types":{"capture":{"nesting_mode":"set","block":{"attributes":{"duration":{"type":"number","description_kind":"plain","required":true},"filename":{"type":"string","description_kind":"plain","required":true},"filter":{"type":"string","description_kind":"plain","optional":true}},"description_kind":"plain"},"max_items":1},"custom_notification":{"nesting_mode":"list","block":{"attributes":{"append":{"type":"string","description_kind":"plain","optional":true},"prepend":{"type":"string","description_kind":"plain","optional":true},"title":{"type":"string","description_kind":"plain","required":true}},"description_kind":"plain"},"max_items":1},"timeouts":{"nesting_mode":"single","block":{"attributes":{"create":{"type":"string","description_kind":"plain","optional":true},"delete":{"type":"string","description_kind":"plain","optional":true},"read":{"type":"string","description_kind":"plain","optional":true},"update":{"type":"string","description_kind":"plain","optional":true}},"description_kind":"plain"}}},"description_kind":"plain"}},"sysdig_monitor_dashboard":{"version":0,"block":{"attributes":{"description":{"type":"string","description_kind":"plain","optional":true},"id":{"type":"string","description_kind":"plain","optional":true,"computed":true},"name":{"type":"string","description_kind":"plain","required":true},"public":{"type":"bool","description_kind":"plain","optional":true},"public_token":{"type":"string","description_kind":"plain","computed":true},"version":{"type":"number","description_kind":"plain","computed":true}},"block_types":{"panel":{"nesting_mode":"set","block":{"attributes":{"autosize_text":{"type":"bool","description_kind":"plain","optional":true},"content":{"type":"string","description_kind":"plain","optional":true},"description":{"type":"string","description_kind":"plain","optional":true},"height":{"type":"number","description_kind":"plain","required":true},"name":{"type":"string","description_kind":"plain","required":true},"pos_x":{"type":"number","description_kind":"plain","required":true},"pos_y":{"type":"number","description_kind":"plain","required":true},"transparent_background":{"type":"bool","description_kind":"plain","optional":true},"type":{"type":"string","description_kind":"plain","required":true},"visible_title":{"type":"bool","description_kind":"plain","optional":true},"width":{"type":"number","description_kind":"plain","required":true}},"block_types":{"query":{"nesting_mode":"set","block":{"attributes":{"promql":{"type":"string","description_kind":"plain","required":true},"unit":{"type":"string","description_kind":"plain","required":true}},"description_kind":"plain"}}},"description_kind":"plain"},"min_items":1},"timeouts":{"nesting_mode":"single","block":{"attributes":{"create":{"type":"string","description_kind":"plain","optional":true},"delete":{"type":"string","description_kind":"plain","optional":true},"read":{"type":"string","description_kind":"plain","optional":true},"update":{"type":"string","description_kind":"plain","optional":true}},"description_kind":"plain"}}},"description_kind":"plain"}},"sysdig_monitor_notification_channel_email":{"version":0,"block":{"attributes":{"enabled":{"type":"bool","description_kind":"plain","optional":true},"id":{"type":"string","description_kind":"plain","optional":true,"computed":true},"name":{"type":"string","description_kind":"plain","required":true},"notify_when_ok":{"type":"bool","description_kind":"plain","optional":true},"notify_when_resolved":{"type":"bool","description_kind":"plain","optional":true},"recipients":{"type":["set","string"],"description_kind":"plain","required":true},"send_test_notification":{"type":"bool","description_kind":"plain","optional":true},"version":{"type":"number","description_kind":"plain","computed":true}},"block_types":{"timeouts":{"nesting_mode":"single","block":{"attributes":{"create":{"type":"string","description_kind":"plain","optional":true},"delete":{"type":"string","description_kind":"plain","optional":true},"read":{"type":"string","description_kind":"plain","optional":true},"update":{"type":"string","description_kind":"plain","optional":true}},"description_kind":"plain"}}},"description_kind":"plain"}},"sysdig_monitor_notification_channel_opsgenie":{"version":0,"block":{"attributes":{"api_key":{"type":"string","description_kind":"plain","required":true},"enabled":{"type":"bool","description_kind":"plain","optional":true},"id":{"type":"string","description_kind":"plain","optional":true,"computed":true},"name":{"type":"string","description_kind":"plain","required":true},"notify_when_ok":{"type":"bool","description_kind":"plain","optional":true},"notify_when_resolved":{"type":"bool","description_kind":"plain","optional":true},"send_test_notification":{"type":"bool","description_kind":"plain","optional":true},"version":{"type":"number","description_kind":"plain","computed":true}},"block_types":{"timeouts":{"nesting_mode":"single","block":{"attributes":{"create":{"type":"string","description_kind":"plain","optional":true},"delete":{"type":"string","description_kind":"plain","optional":true},"read":{"type":"string","description_kind":"plain","optional":true},"update":{"type":"string","description_kind":"plain","optional":true}},"description_kind":"plain"}}},"description_kind":"plain"}},"sysdig_monitor_notification_channel_pagerduty":{"version":0,"block":{"attributes":{"account":{"type":"string","description_kind":"plain","required":true},"enabled":{"type":"bool","description_kind":"plain","optional":true},"id":{"type":"string","description_kind":"plain","optional":true,"computed":true},"name":{"type":"string","description_kind":"plain","required":true},"notify_when_ok":{"type":"bool","description_kind":"plain","optional":true},"notify_when_resolved":{"type":"bool","description_kind":"plain","optional":true},"send_test_notification":{"type":"bool","description_kind":"plain","optional":true},"service_key":{"type":"string","description_kind":"plain","required":true},"service_name":{"type":"string","description_kind":"plain","required":true},"version":{"type":"number","description_kind":"plain","computed":true}},"block_types":{"timeouts":{"nesting_mode":"single","block":{"attributes":{"create":{"type":"string","description_kind":"plain","optional":true},"delete":{"type":"string","description_kind":"plain","optional":true},"read":{"type":"string","description_kind":"plain","optional":true},"update":{"type":"string","description_kind":"plain","optional":true}},"description_kind":"plain"}}},"description_kind":"plain"}},"sysdig_monitor_notification_channel_slack":{"version":0,"block":{"attributes":{"channel":{"type":"string","description_kind":"plain","required":true},"enabled":{"type":"bool","description_kind":"plain","optional":true},"id":{"type":"string","description_kind":"plain","optional":true,"computed":true},"name":{"type":"string","description_kind":"plain","required":true},"notify_when_ok":{"type":"bool","description_kind":"plain","optional":true},"notify_when_resolved":{"type":"bool","description_kind":"plain","optional":true},"send_test_notification":{"type":"bool","description_kind":"plain","optional":true},"url":{"type":"string","description_kind":"plain","required":true},"version":{"type":"number","description_kind":"plain","computed":true}},"block_types":{"timeouts":{"nesting_mode":"single","block":{"attributes":{"create":{"type":"string","description_kind":"plain","optional":true},"delete":{"type":"string","description_kind":"plain","optional":true},"read":{"type":"string","description_kind":"plain","optional":true},"update":{"type":"string","description_kind":"plain","optional":true}},"description_kind":"plain"}}},"description_kind":"plain"}},"sysdig_monitor_notification_channel_sns":{"version":0,"block":{"attributes":{"enabled":{"type":"bool","description_kind":"plain","optional":true},"id":{"type":"string","description_kind":"plain","optional":true,"computed":true},"name":{"type":"string","description_kind":"plain","required":true},"notify_when_ok":{"type":"bool","description_kind":"plain","optional":true},"notify_when_resolved":{"type":"bool","description_kind":"plain","optional":true},"send_test_notification":{"type":"bool","description_kind":"plain","optional":true},"topics":{"type":["set","string"],"description_kind":"plain","required":true},"version":{"type":"number","description_kind":"plain","computed":true}},"block_types":{"timeouts":{"nesting_mode":"single","block":{"attributes":{"create":{"type":"string","description_kind":"plain","optional":true},"delete":{"type":"string","description_kind":"plain","optional":true},"read":{"type":"string","description_kind":"plain","optional":true},"update":{"type":"string","description_kind":"plain","optional":true}},"description_kind":"plain"}}},"description_kind":"plain"}},"sysdig_monitor_notification_channel_victorops":{"version":0,"block":{"attributes":{"api_key":{"type":"string","description_kind":"plain","required":true},"enabled":{"type":"bool","description_kind":"plain","optional":true},"id":{"type":"string","description_kind":"plain","optional":true,"computed":true},"name":{"type":"string","description_kind":"plain","required":true},"notify_when_ok":{"type":"bool","description_kind":"plain","optional":true},"notify_when_resolved":{"type":"bool","description_kind":"plain","optional":true},"routing_key":{"type":"string","description_kind":"plain","required":true},"send_test_notification":{"type":"bool","description_kind":"plain","optional":true},"version":{"type":"number","description_kind":"plain","computed":true}},"block_types":{"timeouts":{"nesting_mode":"single","block":{"attributes":{"create":{"type":"string","description_kind":"plain","optional":true},"delete":{"type":"string","description_kind":"plain","optional":true},"read":{"type":"string","description_kind":"plain","optional":true},"update":{"type":"string","description_kind":"plain","optional":true}},"description_kind":"plain"}}},"description_kind":"plain"}},"sysdig_monitor_notification_channel_webhook":{"version":0,"block":{"attributes":{"enabled":{"type":"bool","description_kind":"plain","optional":true},"id":{"type":"string","description_kind":"plain","optional":true,"computed":true},"name":{"type":"string","description_kind":"plain","required":true},"notify_when_ok":{"type":"bool","description_kind":"plain","optional":true},"notify_when_resolved":{"type":"bool","description_kind":"plain","optional":true},"send_test_notification":{"type":"bool","description_kind":"plain","optional":true},"url":{"type":"string","description_kind":"plain","required":true},"version":{"type":"number","description_kind":"plain","computed":true}},"block_types":{"timeouts":{"nesting_mode":"single","block":{"attributes":{"create":{"type":"string","description_kind":"plain","optional":true},"delete":{"type":"string","description_kind":"plain","optional":true},"read":{"type":"string","description_kind":"plain","optional":true},"update":{"type":"string","description_kind":"plain","optional":true}},"description_kind":"plain"}}},"description_kind":"plain"}},"sysdig_monitor_team":{"version":0,"block":{"attributes":{"can_see_infrastructure_events":{"type":"bool","description_kind":"plain","optional":true},"can_use_aws_data":{"type":"bool","description_kind":"plain","optional":true},"can_use_sysdig_capture":{"type":"bool","description_kind":"plain","optional":true},"default_team":{"type":"bool","description_kind":"plain","optional":true},"description":{"type":"string","description_kind":"plain","optional":true},"filter":{"type":"string","description_kind":"plain","optional":true},"id":{"type":"string","description_kind":"plain","optional":true,"computed":true},"name":{"type":"string","description_kind":"plain","required":true},"scope_by":{"type":"string","description_kind":"plain","optional":true},"theme":{"type":"string","description_kind":"plain","optional":true},"version":{"type":"number","description_kind":"plain","computed":true}},"block_types":{"entrypoint":{"nesting_mode":"list","block":{"attributes":{"selection":{"type":"string","description_kind":"plain","optional":true},"type":{"type":"string","description_kind":"plain","required":true}},"description_kind":"plain"},"min_items":1},"timeouts":{"nesting_mode":"single","block":{"attributes":{"create":{"type":"string","description_kind":"plain","optional":true},"delete":{"type":"string","description_kind":"plain","optional":true},"read":{"type":"string","description_kind":"plain","optional":true},"update":{"type":"string","description_kind":"plain","optional":true}},"description_kind":"plain"}},"user_roles":{"nesting_mode":"set","block":{"attributes":{"email":{"type":"string","description_kind":"plain","required":true},"role":{"type":"string","description_kind":"plain","optional":true}},"description_kind":"plain"}}},"description_kind":"plain"}},"sysdig_secure_list":{"version":0,"block":{"attributes":{"append":{"type":"bool","description_kind":"plain","optional":true},"id":{"type":"string","description_kind":"plain","optional":true,"computed":true},"items":{"type":["list","string"],"description_kind":"plain","required":true},"name":{"type":"string","description_kind":"plain","required":true},"version":{"type":"number","description_kind":"plain","computed":true}},"block_types":{"timeouts":{"nesting_mode":"single","block":{"attributes":{"create":{"type":"string","description_kind":"plain","optional":true},"delete":{"type":"string","description_kind":"plain","optional":true},"read":{"type":"string","description_kind":"plain","optional":true},"update":{"type":"string","description_kind":"plain","optional":true}},"description_kind":"plain"}}},"description_kind":"plain"}},"sysdig_secure_macro":{"version":0,"block":{"attributes":{"append":{"type":"bool","description_kind":"plain","optional":true},"condition":{"type":"string","description_kind":"plain","required":true},"id":{"type":"string","description_kind":"plain","optional":true,"computed":true},"name":{"type":"string","description_kind":"plain","required":true},"version":{"type":"number","description_kind":"plain","computed":true}},"block_types":{"timeouts":{"nesting_mode":"single","block":{"attributes":{"create":{"type":"string","description_kind":"plain","optional":true},"delete":{"type":"string","description_kind":"plain","optional":true},"read":{"type":"string","description_kind":"plain","optional":true},"update":{"type":"string","description_kind":"plain","optional":true}},"description_kind":"plain"}}},"description_kind":"plain"}},"sysdig_secure_notification_channel_email":{"version":0,"block":{"attributes":{"enabled":{"type":"bool","description_kind":"plain","required":true},"id":{"type":"string","description_kind":"plain","optional":true,"computed":true},"name":{"type":"string","description_kind":"plain","required":true},"notify_when_ok":{"type":"bool","description_kind":"plain","required":true},"notify_when_resolved":{"type":"bool","description_kind":"plain","required":true},"recipients":{"type":["set","string"],"description_kind":"plain","required":true},"send_test_notification":{"type":"bool","description_kind":"plain","optional":true},"version":{"type":"number","description_kind":"plain","computed":true}},"block_types":{"timeouts":{"nesting_mode":"single","block":{"attributes":{"create":{"type":"string","description_kind":"plain","optional":true},"delete":{"type":"string","description_kind":"plain","optional":true},"read":{"type":"string","description_kind":"plain","optional":true},"update":{"type":"string","description_kind":"plain","optional":true}},"description_kind":"plain"}}},"description_kind":"plain"}},"sysdig_secure_notification_channel_opsgenie":{"version":0,"block":{"attributes":{"api_key":{"type":"string","description_kind":"plain","required":true},"enabled":{"type":"bool","description_kind":"plain","required":true},"id":{"type":"string","description_kind":"plain","optional":true,"computed":true},"name":{"type":"string","description_kind":"plain","required":true},"notify_when_ok":{"type":"bool","description_kind":"plain","required":true},"notify_when_resolved":{"type":"bool","description_kind":"plain","required":true},"send_test_notification":{"type":"bool","description_kind":"plain","optional":true},"version":{"type":"number","description_kind":"plain","computed":true}},"block_types":{"timeouts":{"nesting_mode":"single","block":{"attributes":{"create":{"type":"string","description_kind":"plain","optional":true},"delete":{"type":"string","description_kind":"plain","optional":true},"read":{"type":"string","description_kind":"plain","optional":true},"update":{"type":"string","description_kind":"plain","optional":true}},"description_kind":"plain"}}},"description_kind":"plain"}},"sysdig_secure_notification_channel_pagerduty":{"version":0,"block":{"attributes":{"account":{"type":"string","description_kind":"plain","required":true},"enabled":{"type":"bool","description_kind":"plain","required":true},"id":{"type":"string","description_kind":"plain","optional":true,"computed":true},"name":{"type":"string","description_kind":"plain","required":true},"notify_when_ok":{"type":"bool","description_kind":"plain","required":true},"notify_when_resolved":{"type":"bool","description_kind":"plain","required":true},"send_test_notification":{"type":"bool","description_kind":"plain","optional":true},"service_key":{"type":"string","description_kind":"plain","required":true},"service_name":{"type":"string","description_kind":"plain","required":true},"version":{"type":"number","description_kind":"plain","computed":true}},"block_types":{"timeouts":{"nesting_mode":"single","block":{"attributes":{"create":{"type":"string","description_kind":"plain","optional":true},"delete":{"type":"string","description_kind":"plain","optional":true},"read":{"type":"string","description_kind":"plain","optional":true},"update":{"type":"string","description_kind":"plain","optional":true}},"description_kind":"plain"}}},"description_kind":"plain"}},"sysdig_secure_notification_channel_slack":{"version":0,"block":{"attributes":{"channel":{"type":"string","description_kind":"plain","required":true},"enabled":{"type":"bool","description_kind":"plain","required":true},"id":{"type":"string","description_kind":"plain","optional":true,"computed":true},"name":{"type":"string","description_kind":"plain","required":true},"notify_when_ok":{"type":"bool","description_kind":"plain","required":true},"notify_when_resolved":{"type":"bool","description_kind":"plain","required":true},"send_test_notification":{"type":"bool","description_kind":"plain","optional":true},"url":{"type":"string","description_kind":"plain","required":true},"version":{"type":"number","description_kind":"plain","computed":true}},"block_types":{"timeouts":{"nesting_mode":"single","block":{"attributes":{"create":{"type":"string","description_kind":"plain","optional":true},"delete":{"type":"string","description_kind":"plain","optional":true},"read":{"type":"string","description_kind":"plain","optional":true},"update":{"type":"string","description_kind":"plain","optional":true}},"description_kind":"plain"}}},"description_kind":"plain"}},"sysdig_secure_notification_channel_sns":{"version":0,"block":{"attributes":{"enabled":{"type":"bool","description_kind":"plain","required":true},"id":{"type":"string","description_kind":"plain","optional":true,"computed":true},"name":{"type":"string","description_kind":"plain","required":true},"notify_when_ok":{"type":"bool","description_kind":"plain","required":true},"notify_when_resolved":{"type":"bool","description_kind":"plain","required":true},"send_test_notification":{"type":"bool","description_kind":"plain","optional":true},"topics":{"type":["set","string"],"description_kind":"plain","required":true},"version":{"type":"number","description_kind":"plain","computed":true}},"block_types":{"timeouts":{"nesting_mode":"single","block":{"attributes":{"create":{"type":"string","description_kind":"plain","optional":true},"delete":{"type":"string","description_kind":"plain","optional":true},"read":{"type":"string","description_kind":"plain","optional":true},"update":{"type":"string","description_kind":"plain","optional":true}},"description_kind":"plain"}}},"description_kind":"plain"}},"sysdig_secure_notification_channel_victorops":{"version":0,"block":{"attributes":{"api_key":{"type":"string","description_kind":"plain","required":true},"enabled":{"type":"bool","description_kind":"plain","required":true},"id":{"type":"string","description_kind":"plain","optional":true,"computed":true},"name":{"type":"string","description_kind":"plain","required":true},"notify_when_ok":{"type":"bool","description_kind":"plain","required":true},"notify_when_resolved":{"type":"bool","description_kind":"plain","required":true},"routing_key":{"type":"string","description_kind":"plain","required":true},"send_test_notification":{"type":"bool","description_kind":"plain","optional":true},"version":{"type":"number","description_kind":"plain","computed":true}},"block_types":{"timeouts":{"nesting_mode":"single","block":{"attributes":{"create":{"type":"string","description_kind":"plain","optional":true},"delete":{"type":"string","description_kind":"plain","optional":true},"read":{"type":"string","description_kind":"plain","optional":true},"update":{"type":"string","description_kind":"plain","optional":true}},"description_kind":"plain"}}},"description_kind":"plain"}},"sysdig_secure_notification_channel_webhook":{"version":0,"block":{"attributes":{"enabled":{"type":"bool","description_kind":"plain","required":true},"id":{"type":"string","description_kind":"plain","optional":true,"computed":true},"name":{"type":"string","description_kind":"plain","required":true},"notify_when_ok":{"type":"bool","description_kind":"plain","required":true},"notify_when_resolved":{"type":"bool","description_kind":"plain","required":true},"send_test_notification":{"type":"bool","description_kind":"plain","optional":true},"url":{"type":"string","description_kind":"plain","required":true},"version":{"type":"number","description_kind":"plain","computed":true}},"block_types":{"timeouts":{"nesting_mode":"single","block":{"attributes":{"create":{"type":"string","description_kind":"plain","optional":true},"delete":{"type":"string","description_kind":"plain","optional":true},"read":{"type":"string","description_kind":"plain","optional":true},"update":{"type":"string","description_kind":"plain","optional":true}},"description_kind":"plain"}}},"description_kind":"plain"}},"sysdig_secure_policy":{"version":0,"block":{"attributes":{"description":{"type":"string","description_kind":"plain","required":true},"enabled":{"type":"bool","description_kind":"plain","optional":true},"id":{"type":"string","description_kind":"plain","optional":true,"computed":true},"name":{"type":"string","description_kind":"plain","required":true},"notification_channels":{"type":["set","number"],"description_kind":"plain","optional":true},"rule_names":{"type":["set","string"],"description_kind":"plain","optional":true},"scope":{"type":"string","description_kind":"plain","optional":true},"severity":{"type":"number","description_kind":"plain","optional":true},"version":{"type":"number","description_kind":"plain","computed":true}},"block_types":{"actions":{"nesting_mode":"list","block":{"attributes":{"container":{"type":"string","description_kind":"plain","optional":true}},"block_types":{"capture":{"nesting_mode":"list","block":{"attributes":{"seconds_after_event":{"type":"number","description_kind":"plain","required":true},"seconds_before_event":{"type":"number","description_kind":"plain","required":true}},"description_kind":"plain"}}},"description_kind":"plain"}},"timeouts":{"nesting_mode":"single","block":{"attributes":{"create":{"type":"string","description_kind":"plain","optional":true},"delete":{"type":"string","description_kind":"plain","optional":true},"read":{"type":"string","description_kind":"plain","optional":true},"update":{"type":"string","description_kind":"plain","optional":true}},"description_kind":"plain"}}},"description_kind":"plain"}},"sysdig_secure_rule_container":{"version":0,"block":{"attributes":{"containers":{"type":["list","string"],"description_kind":"plain","optional":true},"description":{"type":"string","description_kind":"plain","optional":true},"id":{"type":"string","description_kind":"plain","optional":true,"computed":true},"matching":{"type":"bool","description_kind":"plain","optional":true},"name":{"type":"string","description_kind":"plain","required":true},"tags":{"type":["list","string"],"description_kind":"plain","optional":true},"version":{"type":"number","description_kind":"plain","computed":true}},"block_types":{"timeouts":{"nesting_mode":"single","block":{"attributes":{"create":{"type":"string","description_kind":"plain","optional":true},"delete":{"type":"string","description_kind":"plain","optional":true},"read":{"type":"string","description_kind":"plain","optional":true},"update":{"type":"string","description_kind":"plain","optional":true}},"description_kind":"plain"}}},"description_kind":"plain"}},"sysdig_secure_rule_falco":{"version":0,"block":{"attributes":{"append":{"type":"bool","description_kind":"plain","optional":true},"condition":{"type":"string","description_kind":"plain","required":true},"description":{"type":"string","description_kind":"plain","optional":true},"id":{"type":"string","description_kind":"plain","optional":true,"computed":true},"name":{"type":"string","description_kind":"plain","required":true},"output":{"type":"string","description_kind":"plain","optional":true},"priority":{"type":"string","description_kind":"plain","optional":true},"source":{"type":"string","description_kind":"plain","optional":true},"tags":{"type":["list","string"],"description_kind":"plain","optional":true},"version":{"type":"number","description_kind":"plain","computed":true}},"block_types":{"timeouts":{"nesting_mode":"single","block":{"attributes":{"create":{"type":"string","description_kind":"plain","optional":true},"delete":{"type":"string","description_kind":"plain","optional":true},"read":{"type":"string","description_kind":"plain","optional":true},"update":{"type":"string","description_kind":"plain","optional":true}},"description_kind":"plain"}}},"description_kind":"plain"}},"sysdig_secure_rule_filesystem":{"version":0,"block":{"attributes":{"description":{"type":"string","description_kind":"plain","optional":true},"id":{"type":"string","description_kind":"plain","optional":true,"computed":true},"name":{"type":"string","description_kind":"plain","required":true},"tags":{"type":["list","string"],"description_kind":"plain","optional":true},"version":{"type":"number","description_kind":"plain","computed":true}},"block_types":{"read_only":{"nesting_mode":"list","block":{"attributes":{"matching":{"type":"bool","description_kind":"plain","optional":true},"paths":{"type":["list","string"],"description_kind":"plain","required":true}},"description_kind":"plain"}},"read_write":{"nesting_mode":"list","block":{"attributes":{"matching":{"type":"bool","description_kind":"plain","optional":true},"paths":{"type":["list","string"],"description_kind":"plain","required":true}},"description_kind":"plain"}},"timeouts":{"nesting_mode":"single","block":{"attributes":{"create":{"type":"string","description_kind":"plain","optional":true},"delete":{"type":"string","description_kind":"plain","optional":true},"read":{"type":"string","description_kind":"plain","optional":true},"update":{"type":"string","description_kind":"plain","optional":true}},"description_kind":"plain"}}},"description_kind":"plain"}},"sysdig_secure_rule_network":{"version":0,"block":{"attributes":{"block_inbound":{"type":"bool","description_kind":"plain","required":true},"block_outbound":{"type":"bool","description_kind":"plain","required":true},"description":{"type":"string","description_kind":"plain","optional":true},"id":{"type":"string","description_kind":"plain","optional":true,"computed":true},"name":{"type":"string","description_kind":"plain","required":true},"tags":{"type":["list","string"],"description_kind":"plain","optional":true},"version":{"type":"number","description_kind":"plain","computed":true}},"block_types":{"tcp":{"nesting_mode":"list","block":{"attributes":{"matching":{"type":"bool","description_kind":"plain","optional":true},"ports":{"type":["set","number"],"description_kind":"plain","required":true}},"description_kind":"plain"}},"timeouts":{"nesting_mode":"single","block":{"attributes":{"create":{"type":"string","description_kind":"plain","optional":true},"delete":{"type":"string","description_kind":"plain","optional":true},"read":{"type":"string","description_kind":"plain","optional":true},"update":{"type":"string","description_kind":"plain","optional":true}},"description_kind":"plain"}},"udp":{"nesting_mode":"list","block":{"attributes":{"matching":{"type":"bool","description_kind":"plain","optional":true},"ports":{"type":["set","number"],"description_kind":"plain","required":true}},"description_kind":"plain"}}},"description_kind":"plain"}},"sysdig_secure_rule_process":{"version":0,"block":{"attributes":{"description":{"type":"string","description_kind":"plain","optional":true},"id":{"type":"string","description_kind":"plain","optional":true,"computed":true},"matching":{"type":"bool","description_kind":"plain","optional":true},"name":{"type":"string","description_kind":"plain","required":true},"processes":{"type":["list","string"],"description_kind":"plain","optional":true},"tags":{"type":["list","string"],"description_kind":"plain","optional":true},"version":{"type":"number","description_kind":"plain","computed":true}},"block_types":{"timeouts":{"nesting_mode":"single","block":{"attributes":{"create":{"type":"string","description_kind":"plain","optional":true},"delete":{"type":"string","description_kind":"plain","optional":true},"read":{"type":"string","description_kind":"plain","optional":true},"update":{"type":"string","description_kind":"plain","optional":true}},"description_kind":"plain"}}},"description_kind":"plain"}},"sysdig_secure_rule_syscall":{"version":0,"block":{"attributes":{"description":{"type":"string","description_kind":"plain","optional":true},"id":{"type":"string","description_kind":"plain","optional":true,"computed":true},"matching":{"type":"bool","description_kind":"plain","optional":true},"name":{"type":"string","description_kind":"plain","required":true},"syscalls":{"type":["list","string"],"description_kind":"plain","optional":true},"tags":{"type":["list","string"],"description_kind":"plain","optional":true},"version":{"type":"number","description_kind":"plain","computed":true}},"block_types":{"timeouts":{"nesting_mode":"single","block":{"attributes":{"create":{"type":"string","description_kind":"plain","optional":true},"delete":{"type":"string","description_kind":"plain","optional":true},"read":{"type":"string","description_kind":"plain","optional":true},"update":{"type":"string","description_kind":"plain","optional":true}},"description_kind":"plain"}}},"description_kind":"plain"}},"sysdig_secure_team":{"version":0,"block":{"attributes":{"default_team":{"type":"bool","description_kind":"plain","optional":true},"description":{"type":"string","description_kind":"plain","optional":true},"filter":{"type":"string","description_kind":"plain","optional":true},"id":{"type":"string","description_kind":"plain","optional":true,"computed":true},"name":{"type":"string","description_kind":"plain","required":true},"scope_by":{"type":"string","description_kind":"plain","optional":true},"theme":{"type":"string","description_kind":"plain","optional":true},"use_sysdig_capture":{"type":"bool","description_kind":"plain","optional":true},"version":{"type":"number","description_kind":"plain","computed":true}},"block_types":{"timeouts":{"nesting_mode":"single","block":{"attributes":{"create":{"type":"string","description_kind":"plain","optional":true},"delete":{"type":"string","description_kind":"plain","optional":true},"read":{"type":"string","description_kind":"plain","optional":true},"update":{"type":"string","description_kind":"plain","optional":true}},"description_kind":"plain"}},"user_roles":{"nesting_mode":"set","block":{"attributes":{"email":{"type":"string","description_kind":"plain","required":true},"role":{"type":"string","description_kind":"plain","optional":true}},"description_kind":"plain"}}},"description_kind":"plain"}},"sysdig_user":{"version":0,"block":{"attributes":{"email":{"type":"string","description_kind":"plain","required":true},"first_name":{"type":"string","description_kind":"plain","optional":true},"id":{"type":"string","description_kind":"plain","optional":true,"computed":true},"last_name":{"type":"string","description_kind":"plain","optional":true},"system_role":{"type":"string","description_kind":"plain","optional":true},"version":{"type":"number","description_kind":"plain","computed":true}},"block_types":{"timeouts":{"nesting_mode":"single","block":{"attributes":{"create":{"type":"string","description_kind":"plain","optional":true}},"description_kind":"plain"}}},"description_kind":"plain"}}},"data_source_schemas":{"sysdig_current_user":{"version":0,"block":{"attributes":{"email":{"type":"string","description_kind":"plain","computed":true},"id":{"type":"string","description_kind":"plain","optional":true,"computed":true},"last_name":{"type":"string","description_kind":"plain","computed":true},"name":{"type":"string","description_kind":"plain","computed":true},"system_role":{"type":"string","description_kind":"plain","computed":true}},"block_types":{"timeouts":{"nesting_mode":"single","block":{"attributes":{"read":{"type":"string","description_kind":"plain","optional":true}},"description_kind":"plain"}}},"description_kind":"plain"}},"sysdig_secure_notification_channel":{"version":0,"block":{"attributes":{"account":{"type":"string","description_kind":"plain","computed":true},"api_key":{"type":"string","description_kind":"plain","computed":true},"channel":{"type":"string","description_kind":"plain","computed":true},"enabled":{"type":"bool","description_kind":"plain","computed":true},"id":{"type":"string","description_kind":"plain","optional":true,"computed":true},"name":{"type":"string","description_kind":"plain","required":true},"notify_when_ok":{"type":"bool","description_kind":"plain","computed":true},"notify_when_resolved":{"type":"bool","description_kind":"plain","computed":true},"recipients":{"type":"string","description_kind":"plain","computed":true},"routing_key":{"type":"string","description_kind":"plain","computed":true},"send_test_notification":{"type":"bool","description_kind":"plain","computed":true},"service_key":{"type":"string","description_kind":"plain","computed":true,"sensitive":true},"service_name":{"type":"string","description_kind":"plain","computed":true},"topics":{"type":"string","description_kind":"plain","computed":true},"type":{"type":"string","description_kind":"plain","computed":true},"url":{"type":"string","description_kind":"plain","computed":true},"version":{"type":"number","description_kind":"plain","computed":true}},"block_types":{"timeouts":{"nesting_mode":"single","block":{"attributes":{"read":{"type":"string","description_kind":"plain","optional":true}},"description_kind":"plain"}}},"description_kind":"plain","deprecated":true}}}}}}
