{"format_version":"0.2","provider_schemas":{"registry.terraform.io/upcloudltd/upcloud":{"provider":{"version":0,"block":{"attributes":{"password":{"type":"string","description":"Password for UpCloud API user","description_kind":"plain","required":true},"retry_max":{"type":"number","description":"Maximum number of retries","description_kind":"plain","optional":true},"retry_wait_max_sec":{"type":"number","description":"Maximum time to wait between retries","description_kind":"plain","optional":true},"retry_wait_min_sec":{"type":"number","description":"Minimum time to wait between retries","description_kind":"plain","optional":true},"username":{"type":"string","description":"UpCloud username with API access","description_kind":"plain","required":true}},"description_kind":"plain"}},"resource_schemas":{"upcloud_firewall_rules":{"version":0,"block":{"attributes":{"id":{"type":"string","description_kind":"plain","optional":true,"computed":true},"server_id":{"type":"string","description":"The unique id of the server to be protected the firewall rules","description_kind":"plain","required":true}},"block_types":{"firewall_rule":{"nesting_mode":"list","block":{"attributes":{"action":{"type":"string","description":"Action to take if the rule conditions are met","description_kind":"plain","required":true},"comment":{"type":"string","description":"Freeform comment string for the rule","description_kind":"plain","optional":true},"destination_address_end":{"type":"string","description":"The destination address range ends from this address","description_kind":"plain","optional":true},"destination_address_start":{"type":"string","description":"The destination address range starts from this address","description_kind":"plain","optional":true},"destination_port_end":{"type":"number","description":"The destination port range ends from this port number","description_kind":"plain","optional":true},"destination_port_start":{"type":"number","description":"The destination port range starts from this port number","description_kind":"plain","optional":true},"direction":{"type":"string","description":"The direction of network traffic this rule will be applied to","description_kind":"plain","required":true},"family":{"type":"string","description":"The address family of new firewall rule","description_kind":"plain","required":true},"icmp_type":{"type":"string","description":"The ICMP type","description_kind":"plain","optional":true},"protocol":{"type":"string","description":"The protocol this rule will be applied to","description_kind":"plain","optional":true},"source_address_end":{"type":"string","description":"The source address range ends from this address","description_kind":"plain","optional":true},"source_address_start":{"type":"string","description":"The source address range starts from this address","description_kind":"plain","optional":true},"source_port_end":{"type":"number","description":"The source port range ends from this port number","description_kind":"plain","optional":true},"source_port_start":{"type":"number","description":"The source port range starts from this port number","description_kind":"plain","optional":true}},"description_kind":"plain"},"min_items":1,"max_items":1000}},"description_kind":"plain"}},"upcloud_floating_ip_address":{"version":0,"block":{"attributes":{"access":{"type":"string","description":"Is address for utility or public network","description_kind":"plain","optional":true},"family":{"type":"string","description":"The address family of new IP address","description_kind":"plain","optional":true},"id":{"type":"string","description_kind":"plain","optional":true,"computed":true},"ip_address":{"type":"string","description":"An UpCloud assigned IP Address","description_kind":"plain","computed":true},"mac_address":{"type":"string","description":"MAC address of server interface to assign address to","description_kind":"plain","optional":true},"zone":{"type":"string","description":"Zone of address, required when assigning a detached floating IP address","description_kind":"plain","optional":true,"computed":true}},"description_kind":"plain"}},"upcloud_network":{"version":0,"block":{"attributes":{"id":{"type":"string","description_kind":"plain","optional":true,"computed":true},"name":{"type":"string","description":"A valid name for the network","description_kind":"plain","required":true},"router":{"type":"string","description":"The UUID of a router","description_kind":"plain","optional":true},"servers":{"type":["set",["object",{"id":"string","title":"string"}]],"description":"A list of attached servers","description_kind":"plain","computed":true},"type":{"type":"string","description":"The network type","description_kind":"plain","computed":true},"zone":{"type":"string","description":"The zone the network is in","description_kind":"plain","required":true}},"block_types":{"ip_network":{"nesting_mode":"list","block":{"attributes":{"address":{"type":"string","description":"The CIDR range of the subnet","description_kind":"plain","required":true},"dhcp":{"type":"bool","description":"Is DHCP enabled?","description_kind":"plain","required":true},"dhcp_default_route":{"type":"bool","description":"Is the gateway the DHCP default route?","description_kind":"plain","optional":true,"computed":true},"dhcp_dns":{"type":["set","string"],"description":"The DNS servers given by DHCP","description_kind":"plain","optional":true,"computed":true},"family":{"type":"string","description":"IP address family","description_kind":"plain","required":true},"gateway":{"type":"string","description":"Gateway address given by DHCP","description_kind":"plain","optional":true,"computed":true}},"description":"A list of IP subnets within the network","description_kind":"plain"},"min_items":1,"max_items":1}},"description_kind":"plain"}},"upcloud_object_storage":{"version":0,"block":{"attributes":{"access_key":{"type":"string","description":"The access key used to identify user","description_kind":"plain","required":true},"created":{"type":"string","description_kind":"plain","computed":true},"description":{"type":"string","description":"The description of the object storage instance to be created","description_kind":"plain","optional":true},"id":{"type":"string","description_kind":"plain","optional":true,"computed":true},"name":{"type":"string","description":"The name of the object storage instance to be created","description_kind":"plain","required":true},"secret_key":{"type":"string","description":"The secret key used to authenticate user","description_kind":"plain","required":true},"size":{"type":"number","description":"The size of the object storage instance in gigabytes","description_kind":"plain","required":true},"state":{"type":"string","description_kind":"plain","computed":true},"url":{"type":"string","description_kind":"plain","computed":true},"used_space":{"type":"number","description_kind":"plain","computed":true},"zone":{"type":"string","description":"The zone in which the object storage instance will be created","description_kind":"plain","required":true}},"block_types":{"bucket":{"nesting_mode":"list","block":{"attributes":{"name":{"type":"string","description":"The name of the bucket","description_kind":"plain","required":true}},"description_kind":"plain"}}},"description_kind":"plain"}},"upcloud_router":{"version":0,"block":{"attributes":{"attached_networks":{"type":["list","string"],"description":"A collection of UUID representing networks attached to this router","description_kind":"plain","computed":true},"id":{"type":"string","description_kind":"plain","optional":true,"computed":true},"name":{"type":"string","description":"Name of the router","description_kind":"plain","required":true},"type":{"type":"string","description":"The type of router","description_kind":"plain","computed":true}},"description_kind":"plain"}},"upcloud_server":{"version":0,"block":{"attributes":{"cpu":{"type":"number","description":"The number of CPU for the server","description_kind":"plain","optional":true,"computed":true},"firewall":{"type":"bool","description":"Are firewall rules active for the server","description_kind":"plain","optional":true},"host":{"type":"number","description":"Use this to start the VM on a specific host. Refers to value from host -attribute. Only available for private cloud hosts","description_kind":"plain","optional":true},"hostname":{"type":"string","description":"A valid domain name","description_kind":"plain","required":true},"id":{"type":"string","description_kind":"plain","optional":true,"computed":true},"mem":{"type":"number","description":"The size of memory for the server (in megabytes)","description_kind":"plain","optional":true,"computed":true},"metadata":{"type":"bool","description":"Is the metadata service active for the server","description_kind":"plain","optional":true},"plan":{"type":"string","description":"The pricing plan used for the server","description_kind":"plain","optional":true,"computed":true},"tags":{"type":["list","string"],"description":"The server related tags","description_kind":"plain","optional":true},"title":{"type":"string","description":"A short, informational description","description_kind":"plain","computed":true},"user_data":{"type":"string","description":"Defines URL for a server setup script, or the script body itself","description_kind":"plain","optional":true},"zone":{"type":"string","description":"The zone in which the server will be hosted","description_kind":"plain","required":true}},"block_types":{"login":{"nesting_mode":"set","block":{"attributes":{"create_password":{"type":"bool","description":"Indicates a password should be create to allow access","description_kind":"plain","optional":true},"keys":{"type":["list","string"],"description":"A list of ssh keys to access the server","description_kind":"plain","optional":true},"password_delivery":{"type":"string","description":"The delivery method for the server’s root password","description_kind":"plain","optional":true},"user":{"type":"string","description":"Username to be create to access the server","description_kind":"plain","optional":true}},"description":"Configure access credentials to the server","description_kind":"plain"},"max_items":1},"network_interface":{"nesting_mode":"list","block":{"attributes":{"bootable":{"type":"bool","description":"`true` if this interface should be used for network booting.","description_kind":"plain","optional":true},"ip_address":{"type":"string","description":"The assigned IP address.","description_kind":"plain","optional":true,"computed":true},"ip_address_family":{"type":"string","description":"The IP address type of this interface (one of `IPv4` or `IPv6`).","description_kind":"plain","optional":true},"ip_address_floating":{"type":"bool","description":"`true` is a floating IP address is attached.","description_kind":"plain","computed":true},"mac_address":{"type":"string","description":"The assigned MAC address.","description_kind":"plain","computed":true},"network":{"type":"string","description":"The unique ID of a network to attach this network to.","description_kind":"plain","optional":true,"computed":true},"source_ip_filtering":{"type":"bool","description":"`true` if source IP should be filtered.","description_kind":"plain","optional":true},"type":{"type":"string","description":"Network interface type. For private network interfaces, a network must be specified with an existing network id.","description_kind":"plain","required":true}},"description":"One or more blocks describing the network interfaces of the server.","description_kind":"plain"},"min_items":1},"simple_backup":{"nesting_mode":"set","block":{"attributes":{"plan":{"type":"string","description":"Simple backup plan. Accepted values: dailies, weeklies, monthlies.","description_kind":"plain","required":true},"time":{"type":"string","description":"Time of the day at which backup will be taken. Should be provided in a hhmm format (e.g. 2230).","description_kind":"plain","required":true}},"description":"Simple backup schedule configuration","description_kind":"plain"},"max_items":1},"storage_devices":{"nesting_mode":"set","block":{"attributes":{"address":{"type":"string","description":"The device address the storage will be attached to. Specify only the bus name (ide/scsi/virtio) to auto-select next available address from that bus.","description_kind":"plain","optional":true,"computed":true},"storage":{"type":"string","description":"A valid storage UUID","description_kind":"plain","required":true},"type":{"type":"string","description":"The device type the storage will be attached as","description_kind":"plain","optional":true,"computed":true}},"description":"A list of storage devices associated with the server","description_kind":"plain"}},"template":{"nesting_mode":"list","block":{"attributes":{"address":{"type":"string","description":"The device address the storage will be attached to. Specify only the bus name (ide/scsi/virtio) to auto-select next available address from that bus.","description_kind":"plain","optional":true,"computed":true},"id":{"type":"string","description":"The unique identifier for the storage","description_kind":"plain","computed":true},"size":{"type":"number","description":"The size of the storage in gigabytes","description_kind":"plain","optional":true,"computed":true},"storage":{"type":"string","description":"A valid storage UUID or template name","description_kind":"plain","required":true},"tier":{"type":"string","description":"The storage tier to use","description_kind":"plain","computed":true},"title":{"type":"string","description":"A short, informative description","description_kind":"plain","optional":true,"computed":true}},"block_types":{"backup_rule":{"nesting_mode":"list","block":{"attributes":{"interval":{"type":"string","description":"The weekday when the backup is created","description_kind":"plain","required":true},"retention":{"type":"number","description":"The number of days before a backup is automatically deleted","description_kind":"plain","required":true},"time":{"type":"string","description":"The time of day when the backup is created","description_kind":"plain","required":true}},"description":"The criteria to backup the storage","description_kind":"plain"},"max_items":1}},"description":"Block describing the preconfigured operating system","description_kind":"plain"},"max_items":1}},"description_kind":"plain"}},"upcloud_storage":{"version":0,"block":{"attributes":{"id":{"type":"string","description_kind":"plain","optional":true,"computed":true},"size":{"type":"number","description":"The size of the storage in gigabytes","description_kind":"plain","required":true},"tier":{"type":"string","description":"The storage tier to use","description_kind":"plain","optional":true,"computed":true},"title":{"type":"string","description":"A short, informative description","description_kind":"plain","required":true},"zone":{"type":"string","description":"The zone in which the storage will be created","description_kind":"plain","required":true}},"block_types":{"backup_rule":{"nesting_mode":"list","block":{"attributes":{"interval":{"type":"string","description":"The weekday when the backup is created","description_kind":"plain","required":true},"retention":{"type":"number","description":"The number of days before a backup is automatically deleted","description_kind":"plain","required":true},"time":{"type":"string","description":"The time of day when the backup is created","description_kind":"plain","required":true}},"description":"The criteria to backup the storage","description_kind":"plain"},"max_items":1},"clone":{"nesting_mode":"set","block":{"attributes":{"id":{"type":"string","description":"The unique identifier of the storage/template to clone","description_kind":"plain","required":true}},"description":"Block defining another storage/template to clone to storage","description_kind":"plain"},"max_items":1},"import":{"nesting_mode":"set","block":{"attributes":{"sha256sum":{"type":"string","description":"sha256 sum of the imported data","description_kind":"plain","computed":true},"source":{"type":"string","description":"The mode of the import task. One of `http_import` or `direct_upload`.","description_kind":"plain","required":true},"source_hash":{"type":"string","description":"For `direct_upload`; an optional hash of the file to upload.","description_kind":"plain","optional":true},"source_location":{"type":"string","description":"The location of the file to import. For `http_import` an accessible URL for `direct_upload` a local file.","description_kind":"plain","required":true},"written_bytes":{"type":"number","description":"Number of bytes imported","description_kind":"plain","computed":true}},"description":"Block defining external data to import to storage","description_kind":"plain"},"max_items":1}},"description_kind":"plain"}},"upcloud_tag":{"version":0,"block":{"attributes":{"description":{"type":"string","description":"Free form text representing the meaning of the tag","description_kind":"plain","optional":true},"id":{"type":"string","description_kind":"plain","optional":true,"computed":true},"name":{"type":"string","description":"The value representing the tag","description_kind":"plain","required":true},"servers":{"type":["set","string"],"description":"A collection of servers that have been assigned the tag","description_kind":"plain","optional":true}},"description_kind":"plain"}}},"data_source_schemas":{"upcloud_hosts":{"version":0,"block":{"attributes":{"hosts":{"type":["set",["object",{"description":"string","host_id":"number","zone":"string"}]],"description_kind":"plain","computed":true},"id":{"type":"string","description_kind":"plain","optional":true,"computed":true}},"description_kind":"plain"}},"upcloud_ip_addresses":{"version":0,"block":{"attributes":{"addresses":{"type":["set",["object",{"access":"string","address":"string","family":"string","floating":"bool","mac":"string","part_of_plan":"bool","ptr_record":"string","server":"string","zone":"string"}]],"description_kind":"plain","computed":true},"id":{"type":"string","description_kind":"plain","optional":true,"computed":true}},"description_kind":"plain"}},"upcloud_networks":{"version":0,"block":{"attributes":{"filter_name":{"type":"string","description":"If specified, results will be filtered to match name using a regular expression","description_kind":"plain","optional":true},"id":{"type":"string","description_kind":"plain","optional":true,"computed":true},"networks":{"type":["set",["object",{"id":"string","ip_network":["set",["object",{"address":"string","dhcp":"bool","dhcp_default_route":"bool","dhcp_dns":["list","string"],"family":"string","gateway":"string"}]],"name":"string","servers":["set",["object",{"id":"string","title":"string"}]],"type":"string","zone":"string"}]],"description_kind":"plain","computed":true},"zone":{"type":"string","description":"If specified, this data source will return only networks from this zone","description_kind":"plain","optional":true}},"description_kind":"plain"}},"upcloud_tags":{"version":0,"block":{"attributes":{"id":{"type":"string","description_kind":"plain","optional":true,"computed":true},"tags":{"type":["set",["object",{"description":"string","name":"string","servers":["set","string"]}]],"description_kind":"plain","computed":true}},"description_kind":"plain"}},"upcloud_zone":{"version":0,"block":{"attributes":{"description":{"type":"string","description":"Meaningful text describing the zone","description_kind":"plain","computed":true},"id":{"type":"string","description_kind":"plain","optional":true,"computed":true},"name":{"type":"string","description":"Unique lablel for the zone","description_kind":"plain","required":true},"public":{"type":"bool","description":"Indicates whether the zone is public","description_kind":"plain","computed":true}},"description_kind":"plain"}},"upcloud_zones":{"version":0,"block":{"attributes":{"filter_type":{"type":"string","description_kind":"plain","optional":true},"id":{"type":"string","description_kind":"plain","optional":true,"computed":true},"zone_ids":{"type":["set","string"],"description_kind":"plain","computed":true}},"description_kind":"plain"}}}}}}
