{"format_version":"0.2","provider_schemas":{"registry.terraform.io/valtix-security/valtix":{"provider":{"version":0,"block":{"attributes":{"acctname":{"type":"string","description_kind":"plain","optional":true},"api_key_file":{"type":"string","description_kind":"plain","required":true},"password":{"type":"string","description_kind":"plain","optional":true},"port":{"type":"string","description_kind":"plain","optional":true},"server":{"type":"string","description_kind":"plain","optional":true},"username":{"type":"string","description_kind":"plain","optional":true}},"description_kind":"plain"}},"resource_schemas":{"valtix_address_object":{"version":0,"block":{"attributes":{"address_group_ids":{"type":["set","number"],"description_kind":"plain","optional":true},"address_id":{"type":"number","description_kind":"plain","computed":true},"auto_update":{"type":"bool","description_kind":"plain","optional":true},"backend_address":{"type":"bool","description_kind":"plain","optional":true},"csp_account_name":{"type":"string","description_kind":"plain","optional":true},"description":{"type":"string","description_kind":"plain","optional":true},"id":{"type":"string","description_kind":"plain","optional":true,"computed":true},"instance_id":{"type":"string","description_kind":"plain","optional":true},"name":{"type":"string","description_kind":"plain","required":true},"region":{"type":"string","description_kind":"plain","optional":true,"computed":true},"resource_group":{"type":"string","description_kind":"plain","optional":true},"security_group_id":{"type":"string","description_kind":"plain","optional":true},"service_endpoint_name":{"type":"string","description_kind":"plain","optional":true},"subnet_id":{"type":"string","description_kind":"plain","optional":true},"tag_key":{"type":"string","description_kind":"plain","optional":true},"tag_value":{"type":"string","description_kind":"plain","optional":true},"type":{"type":"string","description_kind":"plain","required":true},"value":{"type":["set","string"],"description_kind":"plain","optional":true},"vpc_id":{"type":"string","description_kind":"plain","optional":true}},"block_types":{"tag_list":{"nesting_mode":"set","block":{"attributes":{"tag_key":{"type":"string","description_kind":"plain","required":true},"tag_value":{"type":"string","description_kind":"plain","optional":true}},"description_kind":"plain"}}},"description_kind":"plain"}},"valtix_alert_profile":{"version":0,"block":{"attributes":{"description":{"type":"string","description_kind":"plain","optional":true},"id":{"type":"string","description_kind":"plain","optional":true,"computed":true},"integration_key":{"type":"string","description_kind":"plain","optional":true},"integration_url":{"type":"string","description_kind":"plain","optional":true},"name":{"type":"string","description_kind":"plain","required":true},"profile_id":{"type":"number","description_kind":"plain","computed":true},"type":{"type":"string","description_kind":"plain","required":true}},"description_kind":"plain"}},"valtix_alert_rule":{"version":0,"block":{"attributes":{"alert_profile":{"type":"number","description_kind":"plain","required":true},"description":{"type":"string","description_kind":"plain","optional":true},"id":{"type":"string","description_kind":"plain","optional":true,"computed":true},"is_active":{"type":"bool","description_kind":"plain","optional":true},"name":{"type":"string","description_kind":"plain","required":true},"severity":{"type":"string","description_kind":"plain","required":true},"sub_type":{"type":"string","description_kind":"plain","required":true},"type":{"type":"string","description_kind":"plain","required":true}},"description_kind":"plain"}},"valtix_certificate":{"version":0,"block":{"attributes":{"aws_secret_name":{"type":"string","description_kind":"plain","optional":true},"azure_key_vault_name":{"type":"string","description_kind":"plain","optional":true},"azure_key_vault_secret_name":{"type":"string","description_kind":"plain","optional":true},"certificate_body":{"type":"string","description_kind":"plain","required":true},"certificate_chain":{"type":"string","description_kind":"plain","optional":true},"certificate_type":{"type":"string","description_kind":"plain","required":true},"credstash_key_name":{"type":"string","description_kind":"plain","optional":true},"credstash_table_name":{"type":"string","description_kind":"plain","optional":true},"csp_account_name":{"type":"string","description_kind":"plain","optional":true},"description":{"type":"string","description_kind":"plain","optional":true},"id":{"type":"string","description_kind":"plain","optional":true,"computed":true},"name":{"type":"string","description_kind":"plain","required":true},"private_key":{"type":"string","description_kind":"plain","optional":true},"private_key_cipher_text":{"type":"string","description_kind":"plain","optional":true},"region":{"type":"string","description_kind":"plain","optional":true},"secret_name":{"type":"string","description_kind":"plain","optional":true},"secret_version":{"type":"string","description_kind":"plain","optional":true}},"description_kind":"plain"}},"valtix_cloud_account":{"version":0,"block":{"attributes":{"aws_access_key_id":{"type":"string","description_kind":"plain","optional":true},"aws_access_secret":{"type":"string","description_kind":"plain","optional":true},"aws_account_number":{"type":"string","description_kind":"plain","optional":true},"aws_credentials_type":{"type":"string","description_kind":"plain","optional":true},"aws_iam_role":{"type":"string","description_kind":"plain","optional":true},"aws_iam_role_external_id":{"type":"string","description_kind":"plain","optional":true},"azure_application_id":{"type":"string","description_kind":"plain","optional":true},"azure_client_secret":{"type":"string","description_kind":"plain","optional":true},"azure_directory_id":{"type":"string","description_kind":"plain","optional":true},"azure_subscription_id":{"type":"string","description_kind":"plain","optional":true},"csp_type":{"type":"string","description_kind":"plain","required":true},"gcp_credentials_file":{"type":"string","description_kind":"plain","optional":true},"id":{"type":"string","description_kind":"plain","optional":true,"computed":true},"name":{"type":"string","description_kind":"plain","required":true}},"block_types":{"inventory_monitoring":{"nesting_mode":"set","block":{"attributes":{"refresh_interval":{"type":"number","description_kind":"plain","optional":true},"regions":{"type":["set","string"],"description_kind":"plain","required":true}},"description_kind":"plain"}}},"description_kind":"plain"}},"valtix_external_id":{"version":0,"block":{"attributes":{"external_id":{"type":"string","description_kind":"plain","computed":true},"id":{"type":"string","description_kind":"plain","optional":true,"computed":true},"name":{"type":"string","description_kind":"plain","required":true}},"description_kind":"plain"}},"valtix_gateway":{"version":0,"block":{"attributes":{"aws_gateway_lb":{"type":"bool","description_kind":"plain","optional":true},"aws_iam_role_firewall":{"type":"string","description_kind":"plain","optional":true},"azure_resource_group":{"type":"string","description_kind":"plain","optional":true},"azure_user_identity_id":{"type":"string","description_kind":"plain","optional":true},"azure_user_name":{"type":"string","description_kind":"plain","optional":true},"csp_account_name":{"type":"string","description_kind":"plain","required":true},"datapath_security_group":{"type":"string","description_kind":"plain","optional":true,"computed":true},"description":{"type":"string","description_kind":"plain","optional":true},"diagnostics_profile":{"type":"number","description_kind":"plain","optional":true},"gateway_endpoint":{"type":"string","description_kind":"plain","computed":true},"gateway_image":{"type":"string","description_kind":"plain","required":true},"gcp_lb_forwarding_rule_name":{"type":"string","description_kind":"plain","computed":true},"gcp_service_account_email":{"type":"string","description_kind":"plain","optional":true},"health_check_port":{"type":"number","description_kind":"plain","optional":true},"id":{"type":"string","description_kind":"plain","optional":true,"computed":true},"instance_type":{"type":"string","description_kind":"plain","required":true},"log_profile":{"type":"number","description_kind":"plain","optional":true},"max_instances":{"type":"number","description_kind":"plain","optional":true},"mgmt_security_group":{"type":"string","description_kind":"plain","optional":true,"computed":true},"mgmt_vpc_id":{"type":"string","description_kind":"plain","optional":true},"min_instances":{"type":"number","description_kind":"plain","optional":true},"mode":{"type":"string","description_kind":"plain","optional":true},"name":{"type":"string","description_kind":"plain","required":true},"packet_capture_profile":{"type":"number","description_kind":"plain","optional":true},"policy_rule_set_id":{"type":"number","description_kind":"plain","required":true},"region":{"type":"string","description_kind":"plain","required":true},"security_type":{"type":"string","description_kind":"plain","optional":true},"ssh_key_pair":{"type":"string","description_kind":"plain","optional":true},"ssh_public_key":{"type":"string","description_kind":"plain","optional":true},"transit_gateway_id":{"type":"string","description_kind":"plain","optional":true},"username":{"type":"string","description_kind":"plain","optional":true},"vpc_id":{"type":"string","description_kind":"plain","required":true},"wait_until_gateway_active":{"type":"bool","description_kind":"plain","optional":true}},"block_types":{"gateway_gwlb_endpoints":{"nesting_mode":"set","block":{"attributes":{"endpoint_id":{"type":"string","description_kind":"plain","required":true},"network_interface_id":{"type":"string","description_kind":"plain","required":true},"subnet_id":{"type":"string","description_kind":"plain","required":true}},"description_kind":"plain"}},"instance_details":{"nesting_mode":"set","block":{"attributes":{"availability_zone":{"type":"string","description_kind":"plain","optional":true},"datapath_subnet":{"type":"string","description_kind":"plain","required":true},"mgmt_subnet":{"type":"string","description_kind":"plain","required":true},"private_subnet":{"type":"string","description_kind":"plain","optional":true}},"description_kind":"plain"}},"settings":{"nesting_mode":"set","block":{"attributes":{"name":{"type":"string","description_kind":"plain","required":true},"value":{"type":"string","description_kind":"plain","required":true}},"description_kind":"plain"}}},"description_kind":"plain"}},"valtix_policy_rule_set":{"version":0,"block":{"attributes":{"description":{"type":"string","description_kind":"plain","optional":true},"id":{"type":"string","description_kind":"plain","optional":true,"computed":true},"name":{"type":"string","description_kind":"plain","required":true},"rule_set_id":{"type":"number","description_kind":"plain","computed":true}},"block_types":{"rule":{"nesting_mode":"list","block":{"attributes":{"action":{"type":"string","description_kind":"plain","required":true},"anti_virus_profile":{"type":"number","description_kind":"plain","optional":true},"description":{"type":"string","description_kind":"plain","optional":true},"destination":{"type":"number","description_kind":"plain","optional":true},"dlp_profile":{"type":"number","description_kind":"plain","optional":true},"fqdn_filter_profile":{"type":"number","description_kind":"plain","optional":true},"malicious_ip_profile":{"type":"number","description_kind":"plain","optional":true},"malicious_src_profile":{"type":"number","description_kind":"plain","optional":true},"name":{"type":"string","description_kind":"plain","required":true},"network_intrusion_profile":{"type":"number","description_kind":"plain","optional":true},"packet_capture_enabled":{"type":"bool","description_kind":"plain","optional":true},"priority":{"type":"number","description_kind":"plain","computed":true},"rule_id":{"type":"number","description_kind":"plain","computed":true},"service":{"type":"number","description_kind":"plain","required":true},"source":{"type":"number","description_kind":"plain","optional":true},"state":{"type":"string","description_kind":"plain","optional":true},"type":{"type":"string","description_kind":"plain","required":true},"url_filter":{"type":"number","description_kind":"plain","optional":true},"web_protection_profile":{"type":"number","description_kind":"plain","optional":true}},"description_kind":"plain"}}},"description_kind":"plain"}},"valtix_policy_rules":{"version":0,"block":{"attributes":{"id":{"type":"string","description_kind":"plain","optional":true,"computed":true},"rule_set_id":{"type":"number","description_kind":"plain","required":true}},"block_types":{"rule":{"nesting_mode":"list","block":{"attributes":{"action":{"type":"string","description_kind":"plain","required":true},"anti_virus_profile":{"type":"number","description_kind":"plain","optional":true},"description":{"type":"string","description_kind":"plain","optional":true},"destination":{"type":"number","description_kind":"plain","optional":true},"dlp_profile":{"type":"number","description_kind":"plain","optional":true},"fqdn_filter_profile":{"type":"number","description_kind":"plain","optional":true},"malicious_ip_profile":{"type":"number","description_kind":"plain","optional":true},"malicious_src_profile":{"type":"number","description_kind":"plain","optional":true},"name":{"type":"string","description_kind":"plain","required":true},"network_intrusion_profile":{"type":"number","description_kind":"plain","optional":true},"packet_capture_enabled":{"type":"bool","description_kind":"plain","optional":true},"priority":{"type":"number","description_kind":"plain","computed":true},"rule_id":{"type":"number","description_kind":"plain","computed":true},"service":{"type":"number","description_kind":"plain","required":true},"source":{"type":"number","description_kind":"plain","optional":true},"state":{"type":"string","description_kind":"plain","optional":true},"type":{"type":"string","description_kind":"plain","required":true},"url_filter":{"type":"number","description_kind":"plain","optional":true},"web_protection_profile":{"type":"number","description_kind":"plain","optional":true}},"description_kind":"plain"}}},"description_kind":"plain"}},"valtix_profile_anti_virus":{"version":0,"block":{"attributes":{"action":{"type":"string","description_kind":"plain","required":true},"auto_update":{"type":"bool","description_kind":"plain","optional":true},"delay_by_days":{"type":"number","description_kind":"plain","optional":true},"description":{"type":"string","description_kind":"plain","optional":true},"id":{"type":"string","description_kind":"plain","optional":true,"computed":true},"name":{"type":"string","description_kind":"plain","required":true},"profile_id":{"type":"number","description_kind":"plain","computed":true},"talos_ruleset_version":{"type":"string","description_kind":"plain","optional":true}},"description_kind":"plain"}},"valtix_profile_application_threat":{"version":0,"block":{"attributes":{"action":{"type":"string","description_kind":"plain","optional":true},"advanced_application_profile":{"type":["set","string"],"description_kind":"plain","optional":true},"api_logging":{"type":"bool","description_kind":"plain","optional":true},"auto_update_crs":{"type":"bool","description_kind":"plain","optional":true},"auto_update_trustwave":{"type":"bool","description_kind":"plain","optional":true},"crs_ruleset_version":{"type":"string","description_kind":"plain","optional":true},"delay_by_days_crs":{"type":"number","description_kind":"plain","optional":true},"delay_by_days_trustwave":{"type":"number","description_kind":"plain","optional":true},"description":{"type":"string","description_kind":"plain","optional":true},"id":{"type":"string","description_kind":"plain","optional":true,"computed":true},"name":{"type":"string","description_kind":"plain","required":true},"paranoia_level":{"type":"number","description_kind":"plain","required":true},"pcap":{"type":"bool","description_kind":"plain","optional":true},"profile_id":{"type":"number","description_kind":"plain","computed":true},"request_anomaly":{"type":"number","description_kind":"plain","optional":true},"request_inspection_profile":{"type":["set","string"],"description_kind":"plain","optional":true},"response_anomaly":{"type":"number","description_kind":"plain","optional":true},"response_inspection_profile":{"type":["set","string"],"description_kind":"plain","optional":true},"trustwave_ruleset_version":{"type":"string","description_kind":"plain","optional":true}},"block_types":{"event_suppressor":{"nesting_mode":"set","block":{"attributes":{"rule_ids":{"type":["set","number"],"description_kind":"plain","required":true},"source_ips":{"type":["set","string"],"description_kind":"plain","required":true}},"description_kind":"plain"}},"profile_event_filter":{"nesting_mode":"list","block":{"attributes":{"number_of_events":{"type":"number","description_kind":"plain","required":true},"time":{"type":"number","description_kind":"plain","optional":true},"type":{"type":"string","description_kind":"plain","optional":true}},"description_kind":"plain"},"max_items":1},"rule_event_filter":{"nesting_mode":"set","block":{"attributes":{"number_of_events":{"type":"number","description_kind":"plain","required":true},"rule_ids":{"type":["set","number"],"description_kind":"plain","required":true},"time":{"type":"number","description_kind":"plain","optional":true},"type":{"type":"string","description_kind":"plain","optional":true}},"description_kind":"plain"}}},"description_kind":"plain"}},"valtix_profile_decryption":{"version":0,"block":{"attributes":{"certificate_name":{"type":"string","description_kind":"plain","required":true},"description":{"type":"string","description_kind":"plain","optional":true},"id":{"type":"string","description_kind":"plain","optional":true,"computed":true},"name":{"type":"string","description_kind":"plain","required":true},"profile_id":{"type":"number","description_kind":"plain","computed":true}},"description_kind":"plain"}},"valtix_profile_diagnostics":{"version":0,"block":{"attributes":{"aws_s3_bucket":{"type":"string","description_kind":"plain","optional":true},"azure_blob_container_name":{"type":"string","description_kind":"plain","optional":true},"azure_storage_access_key":{"type":"string","description_kind":"plain","optional":true},"azure_storage_accnt_name":{"type":"string","description_kind":"plain","optional":true},"csp_type":{"type":"string","description_kind":"plain","required":true},"description":{"type":"string","description_kind":"plain","optional":true},"id":{"type":"string","description_kind":"plain","optional":true,"computed":true},"name":{"type":"string","description_kind":"plain","required":true},"profile_id":{"type":"number","description_kind":"plain","computed":true}},"description_kind":"plain"}},"valtix_profile_dlp":{"version":0,"block":{"attributes":{"description":{"type":"string","description_kind":"plain","optional":true},"id":{"type":"string","description_kind":"plain","optional":true,"computed":true},"name":{"type":"string","description_kind":"plain","required":true},"profile_id":{"type":"number","description_kind":"plain","computed":true}},"block_types":{"dlp_filter_list":{"nesting_mode":"list","block":{"attributes":{"action":{"type":"string","description_kind":"plain","required":true},"count":{"type":"number","description_kind":"plain","required":true},"description":{"type":"string","description_kind":"plain","optional":true},"order_id":{"type":"number","description_kind":"plain","computed":true},"patterns":{"type":["set","string"],"description_kind":"plain","optional":true},"static_patterns":{"type":["set","string"],"description_kind":"plain","optional":true}},"description_kind":"plain"},"min_items":1}},"description_kind":"plain"}},"valtix_profile_dns":{"version":0,"block":{"attributes":{"csp_account_name":{"type":"string","description_kind":"plain","required":true},"description":{"type":"string","description_kind":"plain","optional":true},"id":{"type":"string","description_kind":"plain","optional":true,"computed":true},"name":{"type":"string","description_kind":"plain","required":true},"service_type":{"type":"string","description_kind":"plain","required":true}},"description_kind":"plain"}},"valtix_profile_fqdn":{"version":0,"block":{"attributes":{"description":{"type":"string","description_kind":"plain","optional":true},"id":{"type":"string","description_kind":"plain","optional":true,"computed":true},"name":{"type":"string","description_kind":"plain","required":true},"profile_id":{"type":"number","description_kind":"plain","computed":true}},"block_types":{"default_fqdn_filter":{"nesting_mode":"list","block":{"attributes":{"decryption_exception":{"type":"bool","description_kind":"plain","optional":true},"fqdn":{"type":"string","description_kind":"plain","computed":true},"policy":{"type":"string","description_kind":"plain","required":true}},"description_kind":"plain"},"min_items":1,"max_items":1},"fqdn_filter_list":{"nesting_mode":"list","block":{"attributes":{"decryption_exception":{"type":"bool","description_kind":"plain","optional":true},"fqdn":{"type":"string","description_kind":"plain","optional":true},"fqdn_list":{"type":["set","string"],"description_kind":"plain","optional":true},"policy":{"type":"string","description_kind":"plain","required":true},"priority":{"type":"number","description_kind":"plain","computed":true}},"block_types":{"vendor_category_list":{"nesting_mode":"set","block":{"attributes":{"categories":{"type":["set","string"],"description_kind":"plain","required":true},"vendor":{"type":"string","description_kind":"plain","optional":true}},"description_kind":"plain"}}},"description_kind":"plain"},"min_items":1}},"description_kind":"plain"}},"valtix_profile_l7dos":{"version":0,"block":{"attributes":{"description":{"type":"string","description_kind":"plain","optional":true},"id":{"type":"string","description_kind":"plain","optional":true,"computed":true},"name":{"type":"string","description_kind":"plain","required":true},"profile_id":{"type":"number","description_kind":"plain","computed":true}},"block_types":{"request_limits":{"nesting_mode":"list","block":{"attributes":{"burst_size":{"type":"number","description_kind":"plain","optional":true},"order_id":{"type":"number","description_kind":"plain","computed":true},"rate_limited_methods":{"type":["set","string"],"description_kind":"plain","required":true},"requests_rate_block":{"type":"number","description_kind":"plain","required":true},"target_uri":{"type":"string","description_kind":"plain","required":true}},"description_kind":"plain"}}},"description_kind":"plain"}},"valtix_profile_log_forwarding":{"version":0,"block":{"attributes":{"auth_token":{"type":"string","description_kind":"plain","optional":true},"description":{"type":"string","description_kind":"plain","optional":true},"endpoint":{"type":"string","description_kind":"plain","optional":true},"id":{"type":"string","description_kind":"plain","optional":true,"computed":true},"log_name":{"type":"string","description_kind":"plain","optional":true},"name":{"type":"string","description_kind":"plain","required":true},"network_threat_severity":{"type":"string","description_kind":"plain","optional":true},"profile_id":{"type":"number","description_kind":"plain","computed":true},"siem_vendor":{"type":"string","description_kind":"plain","required":true},"splunk_index":{"type":"string","description_kind":"plain","optional":true},"syslog_firewall_events":{"type":"bool","description_kind":"plain","optional":true},"syslog_flow_logs":{"type":"bool","description_kind":"plain","optional":true},"syslog_https_logs":{"type":"bool","description_kind":"plain","optional":true},"syslog_port":{"type":"string","description_kind":"plain","optional":true},"syslog_server_ip":{"type":"string","description_kind":"plain","optional":true},"web_attack_severity":{"type":"string","description_kind":"plain","optional":true}},"description_kind":"plain"}},"valtix_profile_malicious_ip":{"version":0,"block":{"attributes":{"auto_update":{"type":"bool","description_kind":"plain","optional":true},"delay_by_days":{"type":"number","description_kind":"plain","optional":true},"description":{"type":"string","description_kind":"plain","optional":true},"id":{"type":"string","description_kind":"plain","optional":true,"computed":true},"ip_reputation_enabled":{"type":"bool","description_kind":"plain","optional":true},"name":{"type":"string","description_kind":"plain","required":true},"profile_id":{"type":"number","description_kind":"plain","computed":true},"vendor_rule_set_name":{"type":"string","description_kind":"plain","optional":true}},"description_kind":"plain"}},"valtix_profile_malicious_source":{"version":0,"block":{"attributes":{"auto_update":{"type":"bool","description_kind":"plain","optional":true},"delay_by_days":{"type":"number","description_kind":"plain","optional":true},"description":{"type":"string","description_kind":"plain","optional":true},"id":{"type":"string","description_kind":"plain","optional":true,"computed":true},"ip_reputation_enabled":{"type":"bool","description_kind":"plain","optional":true},"name":{"type":"string","description_kind":"plain","required":true},"profile_id":{"type":"number","description_kind":"plain","computed":true},"vendor_rule_set_name":{"type":"string","description_kind":"plain","optional":true}},"description_kind":"plain"}},"valtix_profile_network_intrusion":{"version":0,"block":{"attributes":{"action":{"type":"string","description_kind":"plain","optional":true},"auto_update":{"type":"bool","description_kind":"plain","optional":true},"delay_by_days":{"type":"number","description_kind":"plain","optional":true},"description":{"type":"string","description_kind":"plain","optional":true},"id":{"type":"string","description_kind":"plain","optional":true,"computed":true},"name":{"type":"string","description_kind":"plain","required":true},"pcap":{"type":"bool","description_kind":"plain","optional":true},"policy":{"type":"string","description_kind":"plain","required":true},"policy_action":{"type":"string","description_kind":"plain","optional":true},"profile_id":{"type":"number","description_kind":"plain","computed":true},"talos_ruleset_version":{"type":"string","description_kind":"plain","optional":true}},"block_types":{"categories":{"nesting_mode":"set","block":{"attributes":{"action":{"type":"string","description_kind":"plain","optional":true},"name":{"type":"string","description_kind":"plain","required":true}},"description_kind":"plain"}},"classes":{"nesting_mode":"set","block":{"attributes":{"action":{"type":"string","description_kind":"plain","optional":true},"name":{"type":"string","description_kind":"plain","required":true}},"description_kind":"plain"}},"event_suppressor":{"nesting_mode":"set","block":{"attributes":{"action":{"type":"string","description_kind":"plain","optional":true},"rule_ids":{"type":["set","number"],"description_kind":"plain","required":true},"source_ips":{"type":["set","string"],"description_kind":"plain","required":true}},"description_kind":"plain"}},"profile_event_filter":{"nesting_mode":"list","block":{"attributes":{"number_of_events":{"type":"number","description_kind":"plain","required":true},"time":{"type":"number","description_kind":"plain","optional":true},"type":{"type":"string","description_kind":"plain","optional":true}},"description_kind":"plain"},"max_items":1},"rule_event_filter":{"nesting_mode":"set","block":{"attributes":{"number_of_events":{"type":"number","description_kind":"plain","required":true},"rule_ids":{"type":["set","number"],"description_kind":"plain","required":true},"time":{"type":"number","description_kind":"plain","optional":true},"type":{"type":"string","description_kind":"plain","optional":true}},"description_kind":"plain"}}},"description_kind":"plain"}},"valtix_profile_packet_capture":{"version":0,"block":{"attributes":{"azure_blob_container_name":{"type":"string","description_kind":"plain","optional":true},"azure_storage_access_key":{"type":"string","description_kind":"plain","optional":true},"azure_storage_accnt_name":{"type":"string","description_kind":"plain","optional":true},"csp_account":{"type":"string","description_kind":"plain","required":true},"csp_type":{"type":"string","description_kind":"plain","computed":true},"description":{"type":"string","description_kind":"plain","optional":true},"id":{"type":"string","description_kind":"plain","optional":true,"computed":true},"name":{"type":"string","description_kind":"plain","required":true},"profile_id":{"type":"number","description_kind":"plain","computed":true},"storage_upload_path":{"type":"string","description_kind":"plain","optional":true}},"description_kind":"plain"}},"valtix_profile_urlfilter":{"version":0,"block":{"attributes":{"description":{"type":"string","description_kind":"plain","optional":true},"id":{"type":"string","description_kind":"plain","optional":true,"computed":true},"name":{"type":"string","description_kind":"plain","required":true},"profile_id":{"type":"number","description_kind":"plain","computed":true}},"block_types":{"default_url_filter":{"nesting_mode":"list","block":{"attributes":{"policy":{"type":"string","description_kind":"plain","required":true},"return_status":{"type":"number","description_kind":"plain","optional":true},"url":{"type":"string","description_kind":"plain","computed":true}},"description_kind":"plain"},"min_items":1,"max_items":1},"url_filter_list":{"nesting_mode":"list","block":{"attributes":{"filter_methods":{"type":["set","string"],"description_kind":"plain","optional":true},"policy":{"type":"string","description_kind":"plain","required":true},"priority":{"type":"number","description_kind":"plain","computed":true},"return_status":{"type":"number","description_kind":"plain","optional":true},"url":{"type":"string","description_kind":"plain","optional":true},"url_list":{"type":["set","string"],"description_kind":"plain","optional":true}},"block_types":{"vendor_category_list":{"nesting_mode":"set","block":{"attributes":{"categories":{"type":["set","string"],"description_kind":"plain","required":true},"vendor":{"type":"string","description_kind":"plain","optional":true}},"description_kind":"plain"}}},"description_kind":"plain"},"min_items":1}},"description_kind":"plain"}},"valtix_service_object":{"version":0,"block":{"attributes":{"app_id":{"type":["set","string"],"description_kind":"plain","optional":true},"backend_address_group":{"type":"number","description_kind":"plain","optional":true},"description":{"type":"string","description_kind":"plain","optional":true},"id":{"type":"string","description_kind":"plain","optional":true,"computed":true},"l7dos_profile":{"type":"number","description_kind":"plain","optional":true},"name":{"type":"string","description_kind":"plain","required":true},"protocol":{"type":"string","description_kind":"plain","optional":true},"service_id":{"type":"number","description_kind":"plain","computed":true},"service_type":{"type":"string","description_kind":"plain","required":true},"sni":{"type":["set","string"],"description_kind":"plain","optional":true},"source_nat":{"type":"bool","description_kind":"plain","optional":true},"tls_profile":{"type":"number","description_kind":"plain","optional":true},"transport_mode":{"type":"string","description_kind":"plain","optional":true}},"block_types":{"port":{"nesting_mode":"set","block":{"attributes":{"backend_ports":{"type":"string","description_kind":"plain","optional":true},"destination_ports":{"type":"string","description_kind":"plain","required":true}},"description_kind":"plain"},"min_items":1}},"description_kind":"plain"}},"valtix_service_vpc":{"version":0,"block":{"attributes":{"availability_zones":{"type":["set","string"],"description_kind":"plain","required":true},"cidr":{"type":"string","description_kind":"plain","required":true},"csp_account_name":{"type":"string","description_kind":"plain","required":true},"id":{"type":"string","description_kind":"plain","optional":true,"computed":true},"name":{"type":"string","description_kind":"plain","required":true},"region":{"type":"string","description_kind":"plain","required":true},"transit_gateway_id":{"type":"string","description_kind":"plain","required":true}},"description_kind":"plain"}}},"data_source_schemas":{"valtix_policy_rule_set":{"version":0,"block":{"attributes":{"id":{"type":"string","description_kind":"plain","optional":true,"computed":true},"name":{"type":"string","description_kind":"plain","required":true},"rule_set_id":{"type":"number","description_kind":"plain","computed":true}},"description_kind":"plain"}},"valtix_profile_urlfilter":{"version":0,"block":{"attributes":{"id":{"type":"string","description_kind":"plain","optional":true,"computed":true},"url_filters":{"type":["map","string"],"description_kind":"plain","computed":true}},"description_kind":"plain"}}}}}}
