{"format_version":"0.2","provider_schemas":{"registry.terraform.io/venafi/venafi":{"provider":{"version":0,"block":{"attributes":{"api_key":{"type":"string","description":"API key for Venafi Cloud. Example: 142231b7-cvb0-412e-886b-6aeght0bc93d","description_kind":"plain","optional":true},"dev_mode":{"type":"bool","description":"When set to true, the resulting certificate will be issued by an ephemeral, no trust CA rather than enrolling using Venafi Cloud or Platform. Useful for development and testing.","description_kind":"plain","optional":true},"tpp_password":{"type":"string","description":"Password for WebSDK user. Example: password","description_kind":"plain","optional":true},"tpp_username":{"type":"string","description":"WebSDK user for Venafi Platform. Example: admin","description_kind":"plain","optional":true},"trust_bundle":{"type":"string","description":"Use to specify a PEM-formatted file that contains certificates to be trust anchors for all communications with the Venafi Web Service.\nExample:\n  trust_bundle = \"${file(\"chain.pem\")}\"","description_kind":"plain","optional":true},"url":{"type":"string","description":"The Venafi Web Service URL.. Example: https://tpp.venafi.example/vedsdk","description_kind":"plain","optional":true},"zone":{"type":"string","description":"DN of the Venafi Platform policy folder or name of the Venafi Cloud zone. \nExample for Platform: testpolicy\\\\vault\nExample for Venafi Cloud: Default","description_kind":"plain","optional":true}},"description_kind":"plain"}},"resource_schemas":{"venafi_certificate":{"version":0,"block":{"attributes":{"algorithm":{"type":"string","description":"Key encryption algorithm. RSA or ECDSA. RSA is default.","description_kind":"plain","optional":true},"certificate":{"type":"string","description_kind":"plain","computed":true},"certificate_dn":{"type":"string","description_kind":"plain","optional":true,"computed":true},"chain":{"type":"string","description_kind":"plain","computed":true},"common_name":{"type":"string","description":"Common name of certificate","description_kind":"plain","required":true},"csr_pem":{"type":"string","description_kind":"plain","optional":true,"computed":true},"ecdsa_curve":{"type":"string","description":"ECDSA curve to use when generating a key","description_kind":"plain","optional":true},"expiration_window":{"type":"number","description":"Number of hours before the certificates expiry when a new certificate will be generated","description_kind":"plain","optional":true},"id":{"type":"string","description_kind":"plain","optional":true,"computed":true},"key_password":{"type":"string","description":"Private key password.","description_kind":"plain","optional":true,"sensitive":true},"private_key_pem":{"type":"string","description_kind":"plain","optional":true,"computed":true,"sensitive":true},"rsa_bits":{"type":"number","description":"Number of bits to use when generating an RSA key","description_kind":"plain","optional":true},"san_dns":{"type":["list","string"],"description":"List of DNS names to use as subjects of the certificate","description_kind":"plain","optional":true},"san_email":{"type":["list","string"],"description":"List of email addresses to use as subjects of the certificate","description_kind":"plain","optional":true},"san_ip":{"type":["list","string"],"description":"List of IP addresses to use as subjects of the certificate","description_kind":"plain","optional":true}},"description_kind":"plain"}}}}}}
