{"format_version":"0.2","provider_schemas":{"registry.terraform.io/vmware/vra7":{"provider":{"version":0,"block":{"attributes":{"host":{"type":"string","description":"host name.domain name of the vRealize Automation server, for example, mycompany.mktg.mydomain.com.","description_kind":"plain","required":true},"insecure":{"type":"bool","description":"Specify whether to validate TLS certificates.","description_kind":"plain","optional":true},"password":{"type":"string","description":"Tenant administrator password.","description_kind":"plain","required":true},"tenant":{"type":"string","description":"Specifies the tenant URL token determined by the system administratorwhen creating the tenant, for example, support.","description_kind":"plain","required":true},"username":{"type":"string","description":"Tenant administrator username.","description_kind":"plain","required":true}},"description_kind":"plain"}},"resource_schemas":{"vra7_deployment":{"version":0,"block":{"attributes":{"businessgroup_id":{"type":"string","description_kind":"plain","optional":true,"computed":true},"businessgroup_name":{"type":"string","description_kind":"plain","optional":true,"computed":true},"catalog_item_id":{"type":"string","description_kind":"plain","optional":true,"computed":true},"catalog_item_name":{"type":"string","description_kind":"plain","optional":true},"created_date":{"type":"string","description_kind":"plain","computed":true},"deployment_configuration":{"type":["map","string"],"description_kind":"plain","optional":true},"deployment_destroy":{"type":"bool","description_kind":"plain","optional":true},"deployment_destroy_action":{"type":"string","description_kind":"plain","optional":true},"deployment_id":{"type":"string","description_kind":"plain","computed":true},"description":{"type":"string","description_kind":"plain","optional":true,"computed":true},"expiry_date":{"type":"string","description_kind":"plain","optional":true,"computed":true},"id":{"type":"string","description_kind":"plain","optional":true,"computed":true},"lease_days":{"type":"number","description_kind":"plain","optional":true,"computed":true},"name":{"type":"string","description_kind":"plain","computed":true},"owners":{"type":["list",["object",{"id":"string","name":"string"}]],"description_kind":"plain","computed":true},"reasons":{"type":"string","description_kind":"plain","optional":true},"request_status":{"type":"string","description_kind":"plain","computed":true},"wait_timeout":{"type":"number","description_kind":"plain","optional":true}},"block_types":{"resource_configuration":{"nesting_mode":"set","block":{"attributes":{"cluster":{"type":"number","description_kind":"plain","optional":true},"component_name":{"type":"string","description_kind":"plain","required":true},"configuration":{"type":["map","string"],"description_kind":"plain","optional":true,"computed":true},"instances":{"type":["list",["object",{"description":"string","ip_address":"string","name":"string","properties":["map","string"],"resource_id":"string","resource_type":"string"}]],"description_kind":"plain","computed":true},"parent_resource_id":{"type":"string","description_kind":"plain","computed":true},"request_id":{"type":"string","description_kind":"plain","computed":true}},"description_kind":"plain"}}},"description_kind":"plain"}}},"data_source_schemas":{"vra7_deployment":{"version":0,"block":{"attributes":{"businessgroup_id":{"type":"string","description_kind":"plain","computed":true},"businessgroup_name":{"type":"string","description_kind":"plain","computed":true},"catalog_item_id":{"type":"string","description_kind":"plain","computed":true},"catalog_item_name":{"type":"string","description_kind":"plain","computed":true},"created_date":{"type":"string","description_kind":"plain","computed":true},"deployment_id":{"type":"string","description_kind":"plain","optional":true,"computed":true},"description":{"type":"string","description_kind":"plain","computed":true},"expiry_date":{"type":"string","description_kind":"plain","computed":true},"id":{"type":"string","description_kind":"plain","optional":true,"computed":true},"lease_days":{"type":"number","description_kind":"plain","computed":true},"name":{"type":"string","description_kind":"plain","computed":true},"owners":{"type":["set",["object",{"id":"string","name":"string"}]],"description_kind":"plain","computed":true},"reasons":{"type":"string","description_kind":"plain","computed":true},"request_status":{"type":"string","description_kind":"plain","computed":true},"resource_configuration":{"type":["set",["object",{"cluster":"number","component_name":"string","configuration":["map","string"],"instances":["list",["object",{"description":"string","ip_address":"string","name":"string","properties":["map","string"],"resource_id":"string","resource_type":"string"}]],"parent_resource_id":"string","request_id":"string"}]],"description_kind":"plain","computed":true}},"description_kind":"plain"}}}}}}
