{"format_version":"0.2","provider_schemas":{"registry.terraform.io/vmware/vmc":{"provider":{"version":0,"block":{"attributes":{"csp_url":{"type":"string","description_kind":"plain","optional":true},"org_id":{"type":"string","description_kind":"plain","required":true},"refresh_token":{"type":"string","description_kind":"plain","required":true},"vmc_url":{"type":"string","description_kind":"plain","optional":true}},"description_kind":"plain"}},"resource_schemas":{"vmc_cluster":{"version":0,"block":{"attributes":{"cluster_info":{"type":["map","string"],"description_kind":"plain","computed":true},"edrs_policy_type":{"type":"string","description":"The EDRS policy type. This can either be 'cost', 'performance', 'storage-scaleup' or 'rapid-scaleup'. Default : storage-scaleup. ","description_kind":"plain","optional":true},"enable_edrs":{"type":"bool","description":"True if EDRS is enabled","description_kind":"plain","optional":true},"host_cpu_cores_count":{"type":"number","description":"Customize CPU cores on hosts in a cluster. Specify number of cores to be enabled on hosts in a cluster.","description_kind":"plain","optional":true},"host_instance_type":{"type":"string","description":"The instance type for the esx hosts added to this cluster.","description_kind":"plain","optional":true},"id":{"type":"string","description_kind":"plain","optional":true,"computed":true},"max_hosts":{"type":"number","description":"The maximum number of hosts that the cluster can scale out to.","description_kind":"plain","optional":true},"min_hosts":{"type":"number","description":"The minimum number of hosts that the cluster can scale in to.","description_kind":"plain","optional":true},"num_hosts":{"type":"number","description":"The number of hosts.","description_kind":"plain","required":true},"sddc_id":{"type":"string","description":"SDDC identifier","description_kind":"plain","required":true},"storage_capacity":{"type":"string","description_kind":"plain","optional":true}},"block_types":{"microsoft_licensing_config":{"nesting_mode":"list","block":{"attributes":{"mssql_licensing":{"type":"string","description":"The status of MSSQL licensing for this SDDC’s clusters. Possible values : enabled, ENABLED, disabled, DISABLED.","description_kind":"plain","optional":true},"windows_licensing":{"type":"string","description":"The status of Windows licensing for this SDDC's clusters. Possible values : enabled, ENABLED, disabled, DISABLED.","description_kind":"plain","optional":true}},"description":"Indicates the desired licensing support, if any, of Microsoft software.","description_kind":"plain"}},"timeouts":{"nesting_mode":"single","block":{"attributes":{"create":{"type":"string","description_kind":"plain","optional":true},"delete":{"type":"string","description_kind":"plain","optional":true},"update":{"type":"string","description_kind":"plain","optional":true}},"description_kind":"plain"}}},"description_kind":"plain"}},"vmc_public_ip":{"version":0,"block":{"attributes":{"display_name":{"type":"string","description":"Display name/notes about this resource","description_kind":"plain","optional":true},"id":{"type":"string","description_kind":"plain","optional":true,"computed":true},"ip":{"type":"string","description":"Public IP associated with the SDDC","description_kind":"plain","computed":true},"nsxt_reverse_proxy_url":{"type":"string","description":"NSX API public endpoint url used for public IP resource management","description_kind":"plain","required":true}},"description_kind":"plain"}},"vmc_sddc":{"version":0,"block":{"attributes":{"availability_zones":{"type":["list","string"],"description_kind":"plain","computed":true},"cloud_password":{"type":"string","description_kind":"plain","computed":true},"cloud_username":{"type":"string","description_kind":"plain","computed":true},"cluster_id":{"type":"string","description_kind":"plain","computed":true},"cluster_info":{"type":["map","string"],"description_kind":"plain","computed":true},"delay_account_link":{"type":"bool","description_kind":"plain","optional":true},"deployment_type":{"type":"string","description_kind":"plain","optional":true},"edrs_policy_type":{"type":"string","description":"The EDRS policy type. This can either be 'cost', 'performance', 'storage-scaleup' or 'rapid-scaleup'. Default : storage-scaleup. ","description_kind":"plain","optional":true},"enable_edrs":{"type":"bool","description":"True if EDRS is enabled","description_kind":"plain","optional":true},"host_instance_type":{"type":"string","description_kind":"plain","optional":true},"id":{"type":"string","description_kind":"plain","optional":true,"computed":true},"intranet_mtu_uplink":{"type":"number","description":"Uplink MTU of direct connect, SDDC-grouping and outposts traffic in edge tier-0 router port.","description_kind":"plain","optional":true},"max_hosts":{"type":"number","description":"The maximum number of hosts that the cluster can scale out to.","description_kind":"plain","optional":true},"min_hosts":{"type":"number","description":"The minimum number of hosts that the cluster can scale in to.","description_kind":"plain","optional":true},"nsxt_cloudadmin":{"type":"string","description_kind":"plain","computed":true},"nsxt_cloudadmin_password":{"type":"string","description_kind":"plain","computed":true},"nsxt_cloudaudit":{"type":"string","description_kind":"plain","computed":true},"nsxt_cloudaudit_password":{"type":"string","description_kind":"plain","computed":true},"nsxt_private_ip":{"type":"string","description_kind":"plain","computed":true},"nsxt_private_url":{"type":"string","description_kind":"plain","computed":true},"nsxt_reverse_proxy_url":{"type":"string","description_kind":"plain","computed":true},"nsxt_ui":{"type":"bool","description_kind":"plain","computed":true},"num_host":{"type":"number","description_kind":"plain","required":true},"provider_type":{"type":"string","description_kind":"plain","optional":true},"region":{"type":"string","description_kind":"plain","required":true},"sddc_name":{"type":"string","description_kind":"plain","required":true},"sddc_size":{"type":["map","string"],"description_kind":"plain","computed":true},"sddc_state":{"type":"string","description_kind":"plain","computed":true},"sddc_template_id":{"type":"string","description_kind":"plain","optional":true},"sddc_type":{"type":"string","description_kind":"plain","optional":true},"size":{"type":"string","description":"The size of the vCenter and NSX appliances. 'large' or 'LARGE' SDDC size corresponds to a large vCenter appliance and large NSX appliance. 'medium' or 'MEDIUM' SDDC size corresponds to medium vCenter appliance and medium NSX appliance. Default : 'medium'.","description_kind":"plain","optional":true},"skip_creating_vxlan":{"type":"bool","description_kind":"plain","optional":true},"sso_domain":{"type":"string","description_kind":"plain","optional":true},"storage_capacity":{"type":"string","description_kind":"plain","optional":true},"vc_url":{"type":"string","description_kind":"plain","computed":true},"vpc_cidr":{"type":"string","description_kind":"plain","optional":true},"vxlan_subnet":{"type":"string","description_kind":"plain","optional":true}},"block_types":{"account_link_sddc_config":{"nesting_mode":"list","block":{"attributes":{"connected_account_id":{"type":"string","description_kind":"plain","optional":true},"customer_subnet_ids":{"type":["list","string"],"description_kind":"plain","optional":true}},"description_kind":"plain"}},"microsoft_licensing_config":{"nesting_mode":"list","block":{"attributes":{"mssql_licensing":{"type":"string","description":"The status of MSSQL licensing for this SDDC’s clusters. Possible values : enabled, ENABLED, disabled, DISABLED.","description_kind":"plain","optional":true},"windows_licensing":{"type":"string","description":"The status of Windows licensing for this SDDC's clusters. Possible values : enabled, ENABLED, disabled, DISABLED.","description_kind":"plain","optional":true}},"description":"Indicates the desired licensing support, if any, of Microsoft software.","description_kind":"plain"}},"timeouts":{"nesting_mode":"single","block":{"attributes":{"create":{"type":"string","description_kind":"plain","optional":true},"delete":{"type":"string","description_kind":"plain","optional":true},"update":{"type":"string","description_kind":"plain","optional":true}},"description_kind":"plain"}}},"description_kind":"plain"}},"vmc_site_recovery":{"version":0,"block":{"attributes":{"id":{"type":"string","description_kind":"plain","optional":true,"computed":true},"sddc_id":{"type":"string","description":"SDDC identifier","description_kind":"plain","required":true},"site_recovery_state":{"type":"string","description":"Site recovery state. Possible values are: ACTIVATED, ACTIVATING, CANCELED, DEACTIVATED, DEACTIVATING, DELETED, FAILED","description_kind":"plain","computed":true},"srm_extension_key_suffix":{"type":"string","description":"The custom extension suffix for SRM must contain 13 characters or less, be composed of letters, numbers, ., - characters only. The suffix is appended to com.vmware.vcDr- to form the full extension key. ","description_kind":"plain","optional":true},"srm_node":{"type":["map","string"],"description_kind":"plain","computed":true},"user_id":{"type":"string","description":"User id that last updated this record.","description_kind":"plain","computed":true},"user_name":{"type":"string","description":"User name that last updated this record.","description_kind":"plain","computed":true},"vr_node":{"type":["map","string"],"description_kind":"plain","computed":true}},"block_types":{"timeouts":{"nesting_mode":"single","block":{"attributes":{"create":{"type":"string","description_kind":"plain","optional":true},"delete":{"type":"string","description_kind":"plain","optional":true}},"description_kind":"plain"}}},"description_kind":"plain"}},"vmc_srm_node":{"version":0,"block":{"attributes":{"id":{"type":"string","description_kind":"plain","optional":true,"computed":true},"sddc_id":{"type":"string","description":"SDDC identifier","description_kind":"plain","required":true},"srm_instance":{"type":["map","string"],"description_kind":"plain","computed":true},"srm_node_extension_key_suffix":{"type":"string","description":"The custom extension suffix for SRM must contain 13 characters or less, be composed of letters, numbers, ., - characters only. The suffix is appended to com.vmware.vcDr- to form the full extension key. ","description_kind":"plain","required":true}},"block_types":{"timeouts":{"nesting_mode":"single","block":{"attributes":{"create":{"type":"string","description_kind":"plain","optional":true},"delete":{"type":"string","description_kind":"plain","optional":true}},"description_kind":"plain"}}},"description_kind":"plain"}}},"data_source_schemas":{"vmc_connected_accounts":{"version":0,"block":{"attributes":{"account_number":{"type":"string","description":"AWS account number.","description_kind":"plain","required":true},"id":{"type":"string","description":"The corresponding connected (customer) account UUID this connection is attached to.","description_kind":"plain","computed":true},"provider_type":{"type":"string","description":"The cloud provider of the SDDC (AWS or ZeroCloud).","description_kind":"plain","optional":true}},"description_kind":"plain"}},"vmc_customer_subnets":{"version":0,"block":{"attributes":{"connected_account_id":{"type":"string","description":"The linked connected account identifier.","description_kind":"plain","optional":true},"customer_available_zones":{"type":["list","string"],"description":"A list of AWS availability zones.","description_kind":"plain","computed":true},"force_refresh":{"type":"bool","description":"When true, forces the mappings for datacenters to be refreshed for the connected account.","description_kind":"plain","optional":true},"id":{"type":"string","description_kind":"plain","optional":true,"computed":true},"ids":{"type":["list","string"],"description":"A list of AWS subnet IDs to create links to in the customer's account.","description_kind":"plain","computed":true},"instance_type":{"type":"string","description":"The server instance type to be used.","description_kind":"plain","optional":true},"num_hosts":{"type":"number","description":"The number of hosts .","description_kind":"plain","optional":true},"region":{"type":"string","description":"The VMC region of the cloud resources to work in. (e.g. US_WEST_2)","description_kind":"plain","required":true},"sddc_id":{"type":"string","description":"Sddc ID.","description_kind":"plain","optional":true},"sddc_type":{"type":"string","description":"Sddc Type.","description_kind":"plain","optional":true},"vpc_map":{"type":["map","string"],"description_kind":"plain","computed":true}},"description_kind":"plain"}},"vmc_org":{"version":0,"block":{"attributes":{"display_name":{"type":"string","description":"The display name of this resource","description_kind":"plain","computed":true},"id":{"type":"string","description":"Organization identifier.","description_kind":"plain","computed":true},"name":{"type":"string","description":"The Name of this resource","description_kind":"plain","computed":true}},"description_kind":"plain"}},"vmc_sddc":{"version":0,"block":{"attributes":{"availability_zones":{"type":["list","string"],"description_kind":"plain","computed":true},"cloud_username":{"type":"string","description_kind":"plain","computed":true},"deployment_type":{"type":"string","description_kind":"plain","computed":true},"id":{"type":"string","description_kind":"plain","optional":true,"computed":true},"nsxt_cloudadmin":{"type":"string","description_kind":"plain","computed":true},"nsxt_cloudadmin_password":{"type":"string","description_kind":"plain","computed":true},"nsxt_cloudaudit":{"type":"string","description_kind":"plain","computed":true},"nsxt_cloudaudit_password":{"type":"string","description_kind":"plain","computed":true},"nsxt_private_ip":{"type":"string","description_kind":"plain","computed":true},"nsxt_private_url":{"type":"string","description_kind":"plain","computed":true},"nsxt_reverse_proxy_url":{"type":"string","description_kind":"plain","computed":true},"nsxt_ui":{"type":"bool","description_kind":"plain","computed":true},"num_host":{"type":"number","description_kind":"plain","computed":true},"provider_type":{"type":"string","description_kind":"plain","computed":true},"region":{"type":"string","description_kind":"plain","computed":true},"sddc_id":{"type":"string","description":"Sddc ID.","description_kind":"plain","required":true},"sddc_name":{"type":"string","description_kind":"plain","computed":true},"sddc_state":{"type":"string","description_kind":"plain","computed":true},"sddc_type":{"type":"string","description_kind":"plain","computed":true},"skip_creating_vxlan":{"type":"bool","description_kind":"plain","computed":true},"sso_domain":{"type":"string","description_kind":"plain","computed":true},"vc_url":{"type":"string","description_kind":"plain","computed":true}},"description_kind":"plain"}}}}}}
