{"format_version":"0.2","provider_schemas":{"registry.terraform.io/vmware-tanzu/carvel":{"provider":{"version":0,"block":{"block_types":{"kapp":{"nesting_mode":"list","block":{"attributes":{"diff_output_file":{"type":"string","description":"Generate diff and write them to a file","description_kind":"plain","optional":true},"kubeconfig_yaml":{"type":"string","description":"kubeconfig as YAML","description_kind":"plain","optional":true}},"block_types":{"kubeconfig":{"nesting_mode":"list","block":{"attributes":{"ca_cert":{"type":"string","description":"CA certificate in PEM format","description_kind":"plain","optional":true},"client_cert":{"type":"string","description":"Client certificate in PEM format","description_kind":"plain","optional":true},"client_key":{"type":"string","description":"Client key in PEM format","description_kind":"plain","optional":true},"context":{"type":"string","description":"Use particular context","description_kind":"plain","optional":true},"from_env":{"type":"bool","description":"Pull configuration from environment (typically found in ~/.kube/config or via $KUBECONFIG)","description_kind":"plain","optional":true},"password":{"type":"string","description":"Password","description_kind":"plain","optional":true},"server":{"type":"string","description":"Address of API server","description_kind":"plain","optional":true},"token":{"type":"string","description":"Auth token","description_kind":"plain","optional":true},"username":{"type":"string","description":"Username","description_kind":"plain","optional":true}},"description_kind":"plain"},"max_items":1}},"description_kind":"plain"},"max_items":1}},"description_kind":"plain"}},"resource_schemas":{"carvel_kapp":{"version":0,"block":{"attributes":{"app":{"type":"string","description":"App name","description_kind":"plain","required":true},"cluster_drift_detected":{"type":"bool","description":"Internal (forces resource update when detected cluster drift)","description_kind":"plain","optional":true},"config_yaml":{"type":"string","description":"Configuration as YAML","description_kind":"plain","optional":true,"sensitive":true},"debug_logs":{"type":"bool","description":"Enable debug logging","description_kind":"plain","optional":true},"diff_changes":{"type":"bool","description":"Show changes","description_kind":"plain","optional":true},"diff_context":{"type":"number","description":"Show number of lines around changed lines","description_kind":"plain","optional":true},"files":{"type":["list","string"],"description":"Files","description_kind":"plain","optional":true},"id":{"type":"string","description_kind":"plain","optional":true,"computed":true},"namespace":{"type":"string","description":"Namespace name","description_kind":"plain","required":true}},"block_types":{"delete":{"nesting_mode":"list","block":{"attributes":{"raw_options":{"type":["list","string"],"description":"Raw options given to kapp","description_kind":"plain","optional":true}},"description_kind":"plain"},"max_items":1},"deploy":{"nesting_mode":"list","block":{"attributes":{"raw_options":{"type":["list","string"],"description":"Raw options given to kapp","description_kind":"plain","optional":true}},"description_kind":"plain"},"max_items":1}},"description_kind":"plain"}},"carvel_kbld":{"version":0,"block":{"attributes":{"config_yaml":{"type":"string","description":"Configuration as YAML","description_kind":"plain","optional":true,"sensitive":true},"debug_logs":{"type":"bool","description":"Enable debug logging","description_kind":"plain","optional":true},"files":{"type":["list","string"],"description":"Files","description_kind":"plain","optional":true},"id":{"type":"string","description_kind":"plain","optional":true,"computed":true},"result":{"type":"string","description":"Result","description_kind":"plain","computed":true,"sensitive":true}},"description_kind":"plain"}},"carvel_ytt":{"version":0,"block":{"attributes":{"config_yaml":{"type":"string","description":"Configuration YAML","description_kind":"plain","optional":true,"sensitive":true},"debug_logs":{"type":"bool","description":"Enable debug logging","description_kind":"plain","optional":true},"files":{"type":["list","string"],"description":"Files","description_kind":"plain","optional":true},"id":{"type":"string","description_kind":"plain","optional":true,"computed":true},"ignore_unknown_comments":{"type":"bool","description":"Set to ignore unknown comments","description_kind":"plain","optional":true},"result":{"type":"string","description":"Result","description_kind":"plain","computed":true,"sensitive":true},"values":{"type":["map","string"],"description":"Data values as strings","description_kind":"plain","optional":true,"sensitive":true},"values_yaml":{"type":["map","string"],"description":"Data values as YAML","description_kind":"plain","optional":true,"sensitive":true}},"description_kind":"plain"}}},"data_source_schemas":{"carvel_kbld":{"version":0,"block":{"attributes":{"config_yaml":{"type":"string","description":"Configuration as YAML","description_kind":"plain","optional":true,"sensitive":true},"debug_logs":{"type":"bool","description":"Enable debug logging","description_kind":"plain","optional":true},"files":{"type":["list","string"],"description":"Files","description_kind":"plain","optional":true},"id":{"type":"string","description_kind":"plain","optional":true,"computed":true},"result":{"type":"string","description":"Result","description_kind":"plain","computed":true,"sensitive":true}},"description_kind":"plain"}},"carvel_ytt":{"version":0,"block":{"attributes":{"config_yaml":{"type":"string","description":"Configuration YAML","description_kind":"plain","optional":true,"sensitive":true},"debug_logs":{"type":"bool","description":"Enable debug logging","description_kind":"plain","optional":true},"files":{"type":["list","string"],"description":"Files","description_kind":"plain","optional":true},"id":{"type":"string","description_kind":"plain","optional":true,"computed":true},"ignore_unknown_comments":{"type":"bool","description":"Set to ignore unknown comments","description_kind":"plain","optional":true},"result":{"type":"string","description":"Result","description_kind":"plain","computed":true,"sensitive":true},"values":{"type":["map","string"],"description":"Data values as strings","description_kind":"plain","optional":true,"sensitive":true},"values_yaml":{"type":["map","string"],"description":"Data values as YAML","description_kind":"plain","optional":true,"sensitive":true}},"description_kind":"plain"}}}}}}
