{"format_version":"0.2","provider_schemas":{"registry.terraform.io/vmware/vcd":{"provider":{"version":0,"block":{"attributes":{"allow_unverified_ssl":{"type":"bool","description":"If set, VCDClient will permit unverifiable SSL certificates.","description_kind":"plain","optional":true},"auth_type":{"type":"string","description":"'integrated', 'saml_adfs', and 'token' are the only supported now. 'integrated' is default.","description_kind":"plain","optional":true},"import_separator":{"type":"string","description":"Defines the import separation string to be used with 'terraform import'","description_kind":"plain","optional":true},"logging":{"type":"bool","description":"If set, it will enable logging of API requests and responses","description_kind":"plain","optional":true},"logging_file":{"type":"string","description":"Defines the full name of the logging file for API calls (requires 'logging')","description_kind":"plain","optional":true},"max_retry_timeout":{"type":"number","description":"Max num seconds to wait for successful response when operating on resources within vCloud (defaults to 60)","description_kind":"plain","optional":true},"org":{"type":"string","description":"The VCD Org for API operations","description_kind":"plain","required":true},"password":{"type":"string","description":"The user password for VCD API operations.","description_kind":"plain","optional":true},"saml_adfs_rpt_id":{"type":"string","description":"Allows to specify custom Relaying Party Trust Identifier for auth_type=saml_adfs","description_kind":"plain","optional":true},"sysorg":{"type":"string","description":"The VCD Org for user authentication","description_kind":"plain","optional":true},"token":{"type":"string","description":"The token used instead of username/password for VCD API operations.","description_kind":"plain","optional":true},"url":{"type":"string","description":"The VCD url for VCD API operations.","description_kind":"plain","required":true},"user":{"type":"string","description":"The user name for VCD API operations.","description_kind":"plain","optional":true},"vdc":{"type":"string","description":"The VDC for API operations","description_kind":"plain","optional":true}},"description_kind":"plain"}},"resource_schemas":{"vcd_catalog":{"version":0,"block":{"attributes":{"created":{"type":"string","description":"Time stamp of when the catalog was created","description_kind":"plain","computed":true},"delete_force":{"type":"bool","description":"When destroying use delete_force=True with delete_recursive=True to remove a catalog and any objects it contains, regardless of their state.","description_kind":"plain","required":true},"delete_recursive":{"type":"bool","description":"When destroying use delete_recursive=True to remove the catalog and any objects it contains that are in a state that normally allows removal.","description_kind":"plain","required":true},"description":{"type":"string","description_kind":"plain","optional":true},"id":{"type":"string","description_kind":"plain","optional":true,"computed":true},"name":{"type":"string","description_kind":"plain","required":true},"org":{"type":"string","description":"The name of organization to use, optional if defined at provider level. Useful when connected as sysadmin working across different organizations","description_kind":"plain","optional":true},"storage_profile_id":{"type":"string","description":"Optional storage profile ID","description_kind":"plain","optional":true}},"description_kind":"plain"}},"vcd_catalog_item":{"version":0,"block":{"attributes":{"catalog":{"type":"string","description":"catalog name where upload the OVA file","description_kind":"plain","required":true},"created":{"type":"string","description":"Time stamp of when the item was created","description_kind":"plain","computed":true},"description":{"type":"string","description_kind":"plain","optional":true},"id":{"type":"string","description_kind":"plain","optional":true,"computed":true},"metadata":{"type":["map","string"],"description":"Key and value pairs for catalog item metadata","description_kind":"plain","optional":true},"name":{"type":"string","description":"catalog item name","description_kind":"plain","required":true},"org":{"type":"string","description":"The name of organization to use, optional if defined at provider level. Useful when connected as sysadmin working across different organizations","description_kind":"plain","optional":true},"ova_path":{"type":"string","description":"absolute or relative path to OVA","description_kind":"plain","required":true},"show_upload_progress":{"type":"bool","description":"shows upload progress in stdout","description_kind":"plain","optional":true},"upload_piece_size":{"type":"number","description":"size of upload file piece size in mega bytes","description_kind":"plain","optional":true}},"description_kind":"plain"}},"vcd_catalog_media":{"version":0,"block":{"attributes":{"catalog":{"type":"string","description":"catalog name where upload the Media file","description_kind":"plain","required":true},"creation_date":{"type":"string","description":"Creation date","description_kind":"plain","computed":true},"description":{"type":"string","description_kind":"plain","optional":true},"id":{"type":"string","description_kind":"plain","optional":true,"computed":true},"is_iso":{"type":"bool","description":"True if this media file is ISO","description_kind":"plain","computed":true},"is_published":{"type":"bool","description":"True if this media file is in a published catalog","description_kind":"plain","computed":true},"media_path":{"type":"string","description":"absolute or relative path to Media file","description_kind":"plain","required":true},"metadata":{"type":["map","string"],"description":"Key and value pairs for catalog item metadata","description_kind":"plain","optional":true},"name":{"type":"string","description":"media name","description_kind":"plain","required":true},"org":{"type":"string","description":"The name of organization to use, optional if defined at provider level. Useful when connected as sysadmin working across different organizations","description_kind":"plain","optional":true},"owner_name":{"type":"string","description":"Owner name","description_kind":"plain","computed":true},"show_upload_progress":{"type":"bool","description":"shows upload progress in stdout","description_kind":"plain","optional":true},"size":{"type":"number","description":"Media storage in Bytes","description_kind":"plain","computed":true},"status":{"type":"string","description":"Media status","description_kind":"plain","computed":true},"storage_profile_name":{"type":"string","description":"Storage profile name","description_kind":"plain","computed":true},"upload_piece_size":{"type":"number","description":"size of upload file piece size in mega bytes","description_kind":"plain","optional":true}},"description_kind":"plain"}},"vcd_edgegateway":{"version":0,"block":{"attributes":{"configuration":{"type":"string","description":"Configuration of the vShield edge VM for this gateway. One of: compact, full (\"Large\"), full4 (\"Quad Large\"), x-large","description_kind":"plain","required":true},"default_external_network_ip":{"type":"string","description":"IP address of edge gateway interface which is used as default.","description_kind":"plain","computed":true},"description":{"type":"string","description_kind":"plain","optional":true},"distributed_routing":{"type":"bool","description":"Enable distributed routing","description_kind":"plain","optional":true},"external_network_ips":{"type":["list","string"],"description":"List of IP addresses set on edge gateway external network interfaces","description_kind":"plain","computed":true},"fips_mode_enabled":{"type":"bool","description":"Enable FIPS mode. FIPS mode turns on the cipher suites that comply with FIPS. (False by default)","description_kind":"plain","optional":true},"fw_default_rule_action":{"type":"string","description":"'accept' or 'deny'. Default 'deny'","description_kind":"plain","optional":true},"fw_default_rule_logging_enabled":{"type":"bool","description":"Enable logging for default rule. Default 'false'","description_kind":"plain","optional":true},"fw_enabled":{"type":"bool","description":"Enable firewall. Default 'true'","description_kind":"plain","optional":true},"ha_enabled":{"type":"bool","description":"Enable high availability on this edge gateway","description_kind":"plain","optional":true},"id":{"type":"string","description_kind":"plain","optional":true,"computed":true},"lb_acceleration_enabled":{"type":"bool","description":"Enable load balancer acceleration. (Disabled by default)","description_kind":"plain","optional":true},"lb_enabled":{"type":"bool","description":"Enable load balancing. (Disabled by default)","description_kind":"plain","optional":true},"lb_logging_enabled":{"type":"bool","description":"Enable load balancer logging. (Disabled by default)","description_kind":"plain","optional":true},"lb_loglevel":{"type":"string","description":"Log level. One of 'emergency', 'alert', 'critical', 'error', 'warning', 'notice', 'info', 'debug'. ('info' by default)","description_kind":"plain","optional":true},"name":{"type":"string","description_kind":"plain","required":true},"org":{"type":"string","description":"The name of organization to use, optional if defined at provider level. Useful when connected as sysadmin working across different organizations","description_kind":"plain","optional":true},"use_default_route_for_dns_relay":{"type":"bool","description":"If true, default gateway will be used for the edge gateways' default routing and DNS forwarding.(False by default)","description_kind":"plain","optional":true,"computed":true},"vdc":{"type":"string","description":"The name of VDC to use, optional if defined at provider level","description_kind":"plain","optional":true}},"block_types":{"external_network":{"nesting_mode":"set","block":{"attributes":{"enable_rate_limit":{"type":"bool","description":"Enable rate limiting","description_kind":"plain","optional":true},"incoming_rate_limit":{"type":"number","description":"Incoming rate limit (Mbps)","description_kind":"plain","optional":true},"name":{"type":"string","description":"External network name","description_kind":"plain","required":true},"outgoing_rate_limit":{"type":"number","description":"Outgoing rate limit (Mbps)","description_kind":"plain","optional":true}},"block_types":{"subnet":{"nesting_mode":"set","block":{"attributes":{"gateway":{"type":"string","description":"Gateway address for a subnet","description_kind":"plain","required":true},"ip_address":{"type":"string","description":"IP address on the edge gateway - will be auto-assigned if not defined","description_kind":"plain","optional":true},"netmask":{"type":"string","description":"Netmask address for a subnet","description_kind":"plain","required":true},"use_for_default_route":{"type":"bool","description":"Defines if this subnet should be used as default gateway for edge","description_kind":"plain","optional":true}},"block_types":{"suballocate_pool":{"nesting_mode":"set","block":{"attributes":{"end_address":{"type":"string","description_kind":"plain","required":true},"start_address":{"type":"string","description_kind":"plain","required":true}},"description":"Define zero or more blocks to sub-allocate pools on the edge gateway","description_kind":"plain"}}},"description_kind":"plain"}}},"description":"One or more blocks with external network information to be attached to this gateway's interface","description_kind":"plain"},"min_items":1}},"description_kind":"plain"}},"vcd_edgegateway_settings":{"version":0,"block":{"attributes":{"edge_gateway_id":{"type":"string","description":"ID of the edge gateway. Required when 'edge_gateway_name' is not set","description_kind":"plain","optional":true,"computed":true},"edge_gateway_name":{"type":"string","description":"Name of the edge gateway. Required when 'edge_gateway_id' is not set","description_kind":"plain","optional":true,"computed":true},"fw_default_rule_action":{"type":"string","description":"'accept' or 'deny'. Default 'deny'","description_kind":"plain","optional":true},"fw_default_rule_logging_enabled":{"type":"bool","description":"Enable logging for default rule. Default 'false'","description_kind":"plain","optional":true},"fw_enabled":{"type":"bool","description":"Enable firewall. Default 'true'","description_kind":"plain","optional":true},"id":{"type":"string","description_kind":"plain","optional":true,"computed":true},"lb_acceleration_enabled":{"type":"bool","description":"Enable load balancer acceleration. (Disabled by default)","description_kind":"plain","optional":true},"lb_enabled":{"type":"bool","description":"Enable load balancing. (Disabled by default)","description_kind":"plain","optional":true},"lb_logging_enabled":{"type":"bool","description":"Enable load balancer logging. (Disabled by default)","description_kind":"plain","optional":true},"lb_loglevel":{"type":"string","description":"Log level. One of 'emergency', 'alert', 'critical', 'error', 'warning', 'notice', 'info', 'debug'. ('info' by default)","description_kind":"plain","optional":true},"org":{"type":"string","description":"The name of organization to use, optional if defined at provider level. Useful when connected as sysadmin working across different organizations","description_kind":"plain","optional":true},"vdc":{"type":"string","description":"The name of VDC to use, optional if defined at provider level","description_kind":"plain","optional":true}},"description_kind":"plain"}},"vcd_edgegateway_vpn":{"version":0,"block":{"attributes":{"description":{"type":"string","description_kind":"plain","optional":true},"edge_gateway":{"type":"string","description_kind":"plain","required":true},"encryption_protocol":{"type":"string","description_kind":"plain","required":true},"id":{"type":"string","description_kind":"plain","optional":true,"computed":true},"local_id":{"type":"string","description_kind":"plain","required":true},"local_ip_address":{"type":"string","description_kind":"plain","required":true},"mtu":{"type":"number","description_kind":"plain","required":true},"name":{"type":"string","description_kind":"plain","required":true},"org":{"type":"string","description":"The name of organization to use, optional if defined at provider level. Useful when connected as sysadmin working across different organizations","description_kind":"plain","optional":true},"peer_id":{"type":"string","description_kind":"plain","required":true},"peer_ip_address":{"type":"string","description_kind":"plain","required":true},"shared_secret":{"type":"string","description_kind":"plain","required":true,"sensitive":true},"vdc":{"type":"string","description":"The name of VDC to use, optional if defined at provider level","description_kind":"plain","optional":true}},"block_types":{"local_subnets":{"nesting_mode":"set","block":{"attributes":{"local_subnet_gateway":{"type":"string","description_kind":"plain","required":true},"local_subnet_mask":{"type":"string","description_kind":"plain","required":true},"local_subnet_name":{"type":"string","description_kind":"plain","required":true}},"description_kind":"plain"}},"peer_subnets":{"nesting_mode":"set","block":{"attributes":{"peer_subnet_gateway":{"type":"string","description_kind":"plain","required":true},"peer_subnet_mask":{"type":"string","description_kind":"plain","required":true},"peer_subnet_name":{"type":"string","description_kind":"plain","required":true}},"description_kind":"plain"}}},"description_kind":"plain"}},"vcd_external_network":{"version":0,"block":{"attributes":{"description":{"type":"string","description_kind":"plain","optional":true},"id":{"type":"string","description_kind":"plain","optional":true,"computed":true},"name":{"type":"string","description_kind":"plain","required":true},"retain_net_info_across_deployments":{"type":"bool","description":"Specifies whether the network resources such as IP/MAC of router will be retained across deployments. Default is false.","description_kind":"plain","optional":true}},"block_types":{"ip_scope":{"nesting_mode":"list","block":{"attributes":{"dns1":{"type":"string","description":"Primary DNS server","description_kind":"plain","optional":true},"dns2":{"type":"string","description":"Secondary DNS server","description_kind":"plain","optional":true},"dns_suffix":{"type":"string","description":"DNS suffix","description_kind":"plain","optional":true},"gateway":{"type":"string","description":"Gateway of the network","description_kind":"plain","required":true},"netmask":{"type":"string","description":"Network mask","description_kind":"plain","required":true}},"block_types":{"static_ip_pool":{"nesting_mode":"list","block":{"attributes":{"end_address":{"type":"string","description":"End address of the IP range","description_kind":"plain","required":true},"start_address":{"type":"string","description":"Start address of the IP range","description_kind":"plain","required":true}},"description":"IP ranges used for static pool allocation in the network","description_kind":"plain"}}},"description":"A list of IP scopes for the network","description_kind":"plain"},"min_items":1},"vsphere_network":{"nesting_mode":"list","block":{"attributes":{"name":{"type":"string","description":"The name of the port group","description_kind":"plain","required":true},"type":{"type":"string","description":"The vSphere port group type. One of: DV_PORTGROUP (distributed virtual port group), NETWORK","description_kind":"plain","required":true},"vcenter":{"type":"string","description":"The vCenter server name","description_kind":"plain","required":true}},"description":"A list of port groups that back this network. Each referenced DV_PORTGROUP or NETWORK must exist on a vCenter server registered with the system.","description_kind":"plain"},"min_items":1}},"description_kind":"plain"}},"vcd_external_network_v2":{"version":0,"block":{"attributes":{"description":{"type":"string","description":"Network description","description_kind":"plain","optional":true},"id":{"type":"string","description_kind":"plain","optional":true,"computed":true},"name":{"type":"string","description":"Network name","description_kind":"plain","required":true}},"block_types":{"ip_scope":{"nesting_mode":"set","block":{"attributes":{"dns1":{"type":"string","description":"Primary DNS server","description_kind":"plain","optional":true},"dns2":{"type":"string","description":"Secondary DNS server","description_kind":"plain","optional":true},"dns_suffix":{"type":"string","description":"DNS suffix","description_kind":"plain","optional":true},"enabled":{"type":"bool","description":"If subnet is enabled","description_kind":"plain","optional":true},"gateway":{"type":"string","description":"Gateway of the network","description_kind":"plain","required":true},"prefix_length":{"type":"number","description":"Network mask","description_kind":"plain","required":true}},"block_types":{"static_ip_pool":{"nesting_mode":"set","block":{"attributes":{"end_address":{"type":"string","description":"End address of the IP range","description_kind":"plain","required":true},"start_address":{"type":"string","description":"Start address of the IP range","description_kind":"plain","required":true}},"description":"IP ranges used for static pool allocation in the network","description_kind":"plain"}}},"description":"A set of IP scopes for the network","description_kind":"plain"},"min_items":1},"nsxt_network":{"nesting_mode":"list","block":{"attributes":{"nsxt_manager_id":{"type":"string","description":"ID of NSX-T manager","description_kind":"plain","required":true},"nsxt_segment_name":{"type":"string","description":"Name of NSX-T segment (for NSX-T segment backed external network)","description_kind":"plain","optional":true},"nsxt_tier0_router_id":{"type":"string","description":"ID of NSX-T Tier-0 router (for T0 gateway backed external network)","description_kind":"plain","optional":true}},"description":"Reference to NSX-T Tier-0 router or segment and manager","description_kind":"plain"},"max_items":1},"vsphere_network":{"nesting_mode":"set","block":{"attributes":{"portgroup_id":{"type":"string","description":"The name of the port group","description_kind":"plain","required":true},"vcenter_id":{"type":"string","description":"The vCenter server name","description_kind":"plain","required":true}},"description":"A set of port groups that back this network. Each referenced DV_PORTGROUP or NETWORK must exist on a vCenter server registered with the system.","description_kind":"plain"}}},"description_kind":"plain"}},"vcd_global_role":{"version":0,"block":{"attributes":{"bundle_key":{"type":"string","description":"Key used for internationalization","description_kind":"plain","computed":true},"description":{"type":"string","description":"Global role description","description_kind":"plain","required":true},"id":{"type":"string","description_kind":"plain","optional":true,"computed":true},"name":{"type":"string","description":"Name of global role.","description_kind":"plain","required":true},"publish_to_all_tenants":{"type":"bool","description":"When true, publishes the global role to all tenants","description_kind":"plain","required":true},"read_only":{"type":"bool","description":"Whether this global role is read-only","description_kind":"plain","computed":true},"rights":{"type":["set","string"],"description":"list of rights assigned to this global role","description_kind":"plain","optional":true},"tenants":{"type":["set","string"],"description":"list of tenants to which this global role is published ","description_kind":"plain","optional":true,"computed":true}},"description_kind":"plain"}},"vcd_independent_disk":{"version":0,"block":{"attributes":{"bus_sub_type":{"type":"string","description_kind":"plain","optional":true,"computed":true},"bus_type":{"type":"string","description_kind":"plain","optional":true,"computed":true},"datastore_name":{"type":"string","description":"Datastore name","description_kind":"plain","computed":true},"description":{"type":"string","description":"independent disk description","description_kind":"plain","optional":true},"id":{"type":"string","description_kind":"plain","optional":true,"computed":true},"iops":{"type":"number","description":"IOPS request for the created disk","description_kind":"plain","computed":true},"is_attached":{"type":"bool","description":"True if the disk is already attached","description_kind":"plain","computed":true},"name":{"type":"string","description_kind":"plain","required":true},"org":{"type":"string","description":"The name of organization to use, optional if defined at provider level. Useful when connected as sysadmin working across different organizations","description_kind":"plain","optional":true},"owner_name":{"type":"string","description":"The owner name of the disk","description_kind":"plain","computed":true},"size_in_mb":{"type":"number","description":"size in MB","description_kind":"plain","required":true},"storage_profile":{"type":"string","description_kind":"plain","optional":true,"computed":true},"vdc":{"type":"string","description":"The name of VDC to use, optional if defined at provider level","description_kind":"plain","optional":true}},"description_kind":"plain"}},"vcd_inserted_media":{"version":0,"block":{"attributes":{"catalog":{"type":"string","description":"catalog name where to find media file","description_kind":"plain","required":true},"eject_force":{"type":"bool","description":"When ejecting answers automatically to question yes","description_kind":"plain","optional":true},"id":{"type":"string","description_kind":"plain","optional":true,"computed":true},"name":{"type":"string","description":"media name to use","description_kind":"plain","required":true},"org":{"type":"string","description":"The name of organization to use, optional if defined at provider level. Useful when connected as sysadmin working across different organizations","description_kind":"plain","optional":true},"vapp_name":{"type":"string","description":"vApp to use","description_kind":"plain","required":true},"vdc":{"type":"string","description":"The name of VDC to use, optional if defined at provider level","description_kind":"plain","optional":true},"vm_name":{"type":"string","description":"VM in vApp in which media will be inserted or ejected","description_kind":"plain","required":true}},"description_kind":"plain"}},"vcd_lb_app_profile":{"version":0,"block":{"attributes":{"cookie_mode":{"type":"string","description":"The mode by which the cookie should be inserted. One of 'insert', 'prefix', or 'appsession'","description_kind":"plain","optional":true},"cookie_name":{"type":"string","description":"Used to uniquely identify the session the first time a client accesses the site. The load balancer refers to this cookie when connecting subsequent requests in the session, so that they all go to the same virtual server. Only applies for persistence_mechanism 'cookie'","description_kind":"plain","optional":true},"edge_gateway":{"type":"string","description":"Edge gateway name in which the LB Application Profile is located","description_kind":"plain","required":true},"enable_pool_side_ssl":{"type":"bool","description":"Enable to define the certificate, CAs, or CRLs used to authenticate the load balancer from the server side","description_kind":"plain","optional":true},"enable_ssl_passthrough":{"type":"bool","description":"Enable SSL authentication to be passed through to the virtual server. Otherwise SSL authentication takes place at the destination address.","description_kind":"plain","optional":true},"expiration":{"type":"number","description":"Length of time in seconds that persistence stays in effect","description_kind":"plain","optional":true},"http_redirect_url":{"type":"string","description":"The URL to which traffic that arrives at the destination address should be redirected. Only applies for types 'http' and 'https'","description_kind":"plain","optional":true},"id":{"type":"string","description_kind":"plain","optional":true,"computed":true},"insert_x_forwarded_http_header":{"type":"bool","description":"Enables 'X-Forwarded-For' header for identifying the originating IP address of a client connecting to a Web server through the load balancer. Only applies for types HTTP and HTTPS","description_kind":"plain","optional":true},"name":{"type":"string","description":"Unique LB Application Profile name","description_kind":"plain","required":true},"org":{"type":"string","description":"The name of organization to use, optional if defined at provider level. Useful when connected as sysadmin working across different organizations","description_kind":"plain","optional":true},"persistence_mechanism":{"type":"string","description":"Persistence mechanism for the profile. One of 'cookie', 'ssl-sessionid', 'sourceip'","description_kind":"plain","optional":true},"type":{"type":"string","description":"Protocol type used to send requests to the server. One of 'tcp', 'udp', 'http' org 'https'","description_kind":"plain","required":true},"vdc":{"type":"string","description":"The name of VDC to use, optional if defined at provider level","description_kind":"plain","optional":true}},"description_kind":"plain"}},"vcd_lb_app_rule":{"version":0,"block":{"attributes":{"edge_gateway":{"type":"string","description":"Edge gateway name in which the LB Application Rule is located","description_kind":"plain","required":true},"id":{"type":"string","description_kind":"plain","optional":true,"computed":true},"name":{"type":"string","description":"Unique LB Application Rule name","description_kind":"plain","required":true},"org":{"type":"string","description":"The name of organization to use, optional if defined at provider level. Useful when connected as sysadmin working across different organizations","description_kind":"plain","optional":true},"script":{"type":"string","description":"The script for the application rule. Note - you may find HEREDOC useful to pass multiline strings","description_kind":"plain","required":true},"vdc":{"type":"string","description":"The name of VDC to use, optional if defined at provider level","description_kind":"plain","optional":true}},"description_kind":"plain"}},"vcd_lb_server_pool":{"version":0,"block":{"attributes":{"algorithm":{"type":"string","description":"Balancing method for the service. One of 'ip-hash', 'round-robin', 'uri', 'leastconn', 'url', or 'httpheader'","description_kind":"plain","required":true},"algorithm_parameters":{"type":"string","description":"Additional options for load balancing algorithm for httpheader or url algorithms","description_kind":"plain","optional":true},"description":{"type":"string","description":"Server pool description","description_kind":"plain","optional":true},"edge_gateway":{"type":"string","description":"Edge gateway name in which the LB Server Pool is located","description_kind":"plain","required":true},"enable_transparency":{"type":"bool","description":"Makes client IP addresses visible to the backend servers","description_kind":"plain","optional":true},"id":{"type":"string","description_kind":"plain","optional":true,"computed":true},"monitor_id":{"type":"string","description":"Load Balancer Service Monitor ID","description_kind":"plain","optional":true},"name":{"type":"string","description":"Unique LB Server Pool name","description_kind":"plain","required":true},"org":{"type":"string","description":"The name of organization to use, optional if defined at provider level. Useful when connected as sysadmin working across different organizations","description_kind":"plain","optional":true},"vdc":{"type":"string","description":"The name of VDC to use, optional if defined at provider level","description_kind":"plain","optional":true}},"block_types":{"member":{"nesting_mode":"list","block":{"attributes":{"condition":{"type":"string","description":"Defines member state. One of enabled, drain, disabled.","description_kind":"plain","required":true},"id":{"type":"string","description":"Pool member id (formatted as member-xx, where xx is a number)","description_kind":"plain","computed":true},"ip_address":{"type":"string","description":"IP address of member in server pool","description_kind":"plain","required":true},"max_connections":{"type":"number","description":"The maximum number of concurrent connections the member can handle. If exceeded requests are queued and the load balancer waits for a connection to be released","description_kind":"plain","optional":true},"min_connections":{"type":"number","description":"Minimum number of concurrent connections a member must always accept","description_kind":"plain","optional":true},"monitor_port":{"type":"number","description":"Port at which the member is to receive health monitor requests. Can be the same as port","description_kind":"plain","required":true},"name":{"type":"string","description":"Name of pool member","description_kind":"plain","required":true},"port":{"type":"number","description":"Port at which the member is to receive traffic from the load balancer","description_kind":"plain","required":true},"weight":{"type":"number","description":"Proportion of traffic this member is to handle. Must be an integer in the range 1-256","description_kind":"plain","required":true}},"description_kind":"plain"}}},"description_kind":"plain"}},"vcd_lb_service_monitor":{"version":0,"block":{"attributes":{"edge_gateway":{"type":"string","description":"Edge gateway name in which the LB Service Monitor is located","description_kind":"plain","required":true},"expected":{"type":"string","description":"String that the monitor expects to match in the status line of the http or https response (for example, HTTP/1.1)","description_kind":"plain","optional":true},"extension":{"type":["map","string"],"description":"Advanced monitor parameters as key=value pairs","description_kind":"plain","optional":true},"id":{"type":"string","description_kind":"plain","optional":true,"computed":true},"interval":{"type":"number","description":"Interval in seconds at which a server is to be monitored (defaults to 10)","description_kind":"plain","optional":true},"max_retries":{"type":"number","description":"Number of times the specified monitoring Method must fail sequentially before the server is declared down  (defaults to 3)","description_kind":"plain","optional":true},"method":{"type":"string","description":"Method to be used to detect server status. One of OPTIONS, GET, HEAD, POST, PUT, DELETE, TRACE, or CONNECT","description_kind":"plain","optional":true},"name":{"type":"string","description":"Unique LB Service Monitor name","description_kind":"plain","required":true},"org":{"type":"string","description":"The name of organization to use, optional if defined at provider level. Useful when connected as sysadmin working across different organizations","description_kind":"plain","optional":true},"receive":{"type":"string","description":"String to be matched in the response content","description_kind":"plain","optional":true},"send":{"type":"string","description":"Data to be sent","description_kind":"plain","optional":true},"timeout":{"type":"number","description":"Maximum time in seconds within which a response from the server must be received  (defaults to 15)","description_kind":"plain","optional":true},"type":{"type":"string","description":"Way in which you want to send the health check request to the server. One of http, https, tcp, icmp, or udp","description_kind":"plain","required":true},"url":{"type":"string","description":"URL to be used in the server status request","description_kind":"plain","optional":true},"vdc":{"type":"string","description":"The name of VDC to use, optional if defined at provider level","description_kind":"plain","optional":true}},"description_kind":"plain"}},"vcd_lb_virtual_server":{"version":0,"block":{"attributes":{"app_profile_id":{"type":"string","description":"Application profile ID to be associated with the virtual server","description_kind":"plain","optional":true},"app_rule_ids":{"type":["list","string"],"description":"List of attached application rule IDs","description_kind":"plain","optional":true},"connection_limit":{"type":"number","description":"Maximum concurrent connections that the virtual server can process","description_kind":"plain","optional":true},"connection_rate_limit":{"type":"number","description":"Maximum incoming new connection requests per second","description_kind":"plain","optional":true},"description":{"type":"string","description":"Virtual Server description","description_kind":"plain","optional":true},"edge_gateway":{"type":"string","description":"Edge gateway name in which the LB Virtual Server is located","description_kind":"plain","required":true},"enable_acceleration":{"type":"bool","description":"Enable virtual server acceleration","description_kind":"plain","optional":true},"enabled":{"type":"bool","description":"Defines if the virtual server is enabled","description_kind":"plain","optional":true},"id":{"type":"string","description_kind":"plain","optional":true,"computed":true},"ip_address":{"type":"string","description":"IP address that the load balancer listens on","description_kind":"plain","required":true},"name":{"type":"string","description":"Unique Virtual Server name","description_kind":"plain","required":true},"org":{"type":"string","description":"The name of organization to use, optional if defined at provider level. Useful when connected as sysadmin working across different organizations","description_kind":"plain","optional":true},"port":{"type":"number","description":"Port number that the load balancer listens on","description_kind":"plain","required":true},"protocol":{"type":"string","description":"Protocol that the virtual server accepts","description_kind":"plain","required":true},"server_pool_id":{"type":"string","description":"The server pool that the load balancer will use","description_kind":"plain","optional":true},"vdc":{"type":"string","description":"The name of VDC to use, optional if defined at provider level","description_kind":"plain","optional":true}},"description_kind":"plain"}},"vcd_network_direct":{"version":0,"block":{"attributes":{"description":{"type":"string","description":"Optional description for the network","description_kind":"plain","optional":true},"external_network":{"type":"string","description":"The name of the external network","description_kind":"plain","required":true},"external_network_dns1":{"type":"string","description":"Main DNS of the external network","description_kind":"plain","computed":true},"external_network_dns2":{"type":"string","description":"Secondary DNS of the external network","description_kind":"plain","computed":true},"external_network_dns_suffix":{"type":"string","description":"DNS suffix of the external network","description_kind":"plain","computed":true},"external_network_gateway":{"type":"string","description":"Gateway of the external network","description_kind":"plain","computed":true},"external_network_netmask":{"type":"string","description":"Net mask of the external network","description_kind":"plain","computed":true},"href":{"type":"string","description":"Network Hypertext Reference","description_kind":"plain","computed":true},"id":{"type":"string","description_kind":"plain","optional":true,"computed":true},"name":{"type":"string","description":"A unique name for this network","description_kind":"plain","required":true},"org":{"type":"string","description":"The name of organization to use, optional if defined at provider level. Useful when connected as sysadmin working across different organizations","description_kind":"plain","optional":true},"shared":{"type":"bool","description":"Defines if this network is shared between multiple VDCs in the Org","description_kind":"plain","optional":true},"vdc":{"type":"string","description":"The name of VDC to use, optional if defined at provider level","description_kind":"plain","optional":true}},"description_kind":"plain"}},"vcd_network_isolated":{"version":0,"block":{"attributes":{"description":{"type":"string","description":"Optional description for the network","description_kind":"plain","optional":true},"dns1":{"type":"string","description":"First DNS server to use","description_kind":"plain","optional":true},"dns2":{"type":"string","description":"Second DNS server to use","description_kind":"plain","optional":true},"dns_suffix":{"type":"string","description":"A FQDN for the virtual machines on this network","description_kind":"plain","optional":true},"gateway":{"type":"string","description":"The gateway for this network","description_kind":"plain","optional":true},"href":{"type":"string","description":"Network Hyper Reference","description_kind":"plain","computed":true},"id":{"type":"string","description_kind":"plain","optional":true,"computed":true},"name":{"type":"string","description":"A unique name for this network","description_kind":"plain","required":true},"netmask":{"type":"string","description":"The netmask for the new network","description_kind":"plain","optional":true},"org":{"type":"string","description":"The name of organization to use, optional if defined at provider level. Useful when connected as sysadmin working across different organizations","description_kind":"plain","optional":true},"shared":{"type":"bool","description":"Defines if this network is shared between multiple VDCs in the Org","description_kind":"plain","optional":true},"vdc":{"type":"string","description":"The name of VDC to use, optional if defined at provider level","description_kind":"plain","optional":true}},"block_types":{"dhcp_pool":{"nesting_mode":"set","block":{"attributes":{"default_lease_time":{"type":"number","description":"The default DHCP lease time to use","description_kind":"plain","optional":true},"end_address":{"type":"string","description":"The final address in the IP Range","description_kind":"plain","required":true},"max_lease_time":{"type":"number","description":"The maximum DHCP lease time to use","description_kind":"plain","optional":true},"start_address":{"type":"string","description":"The first address in the IP Range","description_kind":"plain","required":true}},"description":"A range of IPs to issue to virtual machines that don't have a static IP","description_kind":"plain"}},"static_ip_pool":{"nesting_mode":"set","block":{"attributes":{"end_address":{"type":"string","description":"The final address in the IP Range","description_kind":"plain","required":true},"start_address":{"type":"string","description":"The first address in the IP Range","description_kind":"plain","required":true}},"description":"A range of IPs permitted to be used as static IPs for virtual machines","description_kind":"plain"}}},"description_kind":"plain"}},"vcd_network_isolated_v2":{"version":0,"block":{"attributes":{"description":{"type":"string","description":"Network description","description_kind":"plain","optional":true},"dns1":{"type":"string","description":"DNS server 1","description_kind":"plain","optional":true},"dns2":{"type":"string","description":"DNS server 1","description_kind":"plain","optional":true},"dns_suffix":{"type":"string","description":"DNS suffix","description_kind":"plain","optional":true},"gateway":{"type":"string","description":"Gateway IP address","description_kind":"plain","required":true},"id":{"type":"string","description_kind":"plain","optional":true,"computed":true},"is_shared":{"type":"bool","description":"NSX-V only - share this network with other VDCs in this organization. Default - false","description_kind":"plain","optional":true},"name":{"type":"string","description":"Network name","description_kind":"plain","required":true},"org":{"type":"string","description":"The name of organization to use, optional if defined at provider level. Useful when connected as sysadmin working across different organizations","description_kind":"plain","optional":true},"prefix_length":{"type":"number","description":"Network prefix","description_kind":"plain","required":true},"vdc":{"type":"string","description":"The name of VDC to use, optional if defined at provider level","description_kind":"plain","optional":true}},"block_types":{"static_ip_pool":{"nesting_mode":"set","block":{"attributes":{"end_address":{"type":"string","description":"End address of the IP range","description_kind":"plain","required":true},"start_address":{"type":"string","description":"Start address of the IP range","description_kind":"plain","required":true}},"description":"IP ranges used for static pool allocation in the network","description_kind":"plain"}}},"description_kind":"plain"}},"vcd_network_routed":{"version":0,"block":{"attributes":{"description":{"type":"string","description":"Optional description for the network","description_kind":"plain","optional":true},"dns1":{"type":"string","description":"First DNS server to use","description_kind":"plain","optional":true},"dns2":{"type":"string","description":"Second DNS server to use","description_kind":"plain","optional":true},"dns_suffix":{"type":"string","description":"A FQDN for the virtual machines on this network","description_kind":"plain","optional":true},"edge_gateway":{"type":"string","description":"The name of the edge gateway","description_kind":"plain","required":true},"gateway":{"type":"string","description":"The gateway of this network","description_kind":"plain","optional":true},"href":{"type":"string","description":"Network Hypertext Reference","description_kind":"plain","computed":true},"id":{"type":"string","description_kind":"plain","optional":true,"computed":true},"interface_type":{"type":"string","description":"Which interface to use (one of `internal`, `subinterface`, `distributed`)","description_kind":"plain","optional":true},"name":{"type":"string","description":"A unique name for the network","description_kind":"plain","required":true},"netmask":{"type":"string","description":"The netmask for the new network","description_kind":"plain","optional":true},"org":{"type":"string","description":"The name of organization to use, optional if defined at provider level. Useful when connected as sysadmin working across different organizations","description_kind":"plain","optional":true},"shared":{"type":"bool","description":"Defines if this network is shared between multiple VDCs in the Org","description_kind":"plain","optional":true},"vdc":{"type":"string","description":"The name of VDC to use, optional if defined at provider level","description_kind":"plain","optional":true}},"block_types":{"dhcp_pool":{"nesting_mode":"set","block":{"attributes":{"default_lease_time":{"type":"number","description":"The default DHCP lease time to use","description_kind":"plain","computed":true},"end_address":{"type":"string","description":"The final address in the IP Range","description_kind":"plain","required":true},"max_lease_time":{"type":"number","description":"The maximum DHCP lease time to use","description_kind":"plain","optional":true},"start_address":{"type":"string","description":"The first address in the IP Range","description_kind":"plain","required":true}},"description":"A range of IPs to issue to virtual machines that don't have a static IP","description_kind":"plain"}},"static_ip_pool":{"nesting_mode":"set","block":{"attributes":{"end_address":{"type":"string","description":"The final address in the IP Range","description_kind":"plain","required":true},"start_address":{"type":"string","description":"The first address in the IP Range","description_kind":"plain","required":true}},"description":"A range of IPs permitted to be used as static IPs for virtual machines","description_kind":"plain"}}},"description_kind":"plain"}},"vcd_network_routed_v2":{"version":0,"block":{"attributes":{"description":{"type":"string","description":"Network description","description_kind":"plain","optional":true},"dns1":{"type":"string","description":"DNS server 1","description_kind":"plain","optional":true},"dns2":{"type":"string","description":"DNS server 1","description_kind":"plain","optional":true},"dns_suffix":{"type":"string","description":"DNS suffix","description_kind":"plain","optional":true},"edge_gateway_id":{"type":"string","description":"Edge gateway ID in which Routed network should be located","description_kind":"plain","required":true},"gateway":{"type":"string","description":"Gateway IP address","description_kind":"plain","required":true},"id":{"type":"string","description_kind":"plain","optional":true,"computed":true},"interface_type":{"type":"string","description":"Optional interface type (only for NSX-V networks). One of 'INTERNAL' (default), 'DISTRIBUTED', 'SUBINTERFACE'","description_kind":"plain","optional":true},"name":{"type":"string","description":"Network name","description_kind":"plain","required":true},"org":{"type":"string","description":"The name of organization to use, optional if defined at provider level. Useful when connected as sysadmin working across different organizations","description_kind":"plain","optional":true},"prefix_length":{"type":"number","description":"Network prefix","description_kind":"plain","required":true},"vdc":{"type":"string","description":"The name of VDC to use, optional if defined at provider level","description_kind":"plain","optional":true}},"block_types":{"static_ip_pool":{"nesting_mode":"set","block":{"attributes":{"end_address":{"type":"string","description":"End address of the IP range","description_kind":"plain","required":true},"start_address":{"type":"string","description":"Start address of the IP range","description_kind":"plain","required":true}},"description":"IP ranges used for static pool allocation in the network","description_kind":"plain"}}},"description_kind":"plain"}},"vcd_nsxt_alb_cloud":{"version":0,"block":{"attributes":{"controller_id":{"type":"string","description":"NSX-T ALB Controller ID","description_kind":"plain","required":true},"description":{"type":"string","description":"NSX-T ALB Cloud description","description_kind":"plain","optional":true},"health_message":{"type":"string","description":"NSX-T ALB Cloud detailed health message","description_kind":"plain","computed":true},"health_status":{"type":"string","description":"NSX-T ALB Cloud health status","description_kind":"plain","computed":true},"id":{"type":"string","description_kind":"plain","optional":true,"computed":true},"importable_cloud_id":{"type":"string","description":"NSX-T ALB Importable Cloud ID","description_kind":"plain","required":true},"name":{"type":"string","description":"NSX-T ALB Cloud name","description_kind":"plain","required":true},"network_pool_id":{"type":"string","description":"Network pool ID for NSX-T ALB Importable Cloud","description_kind":"plain","required":true},"network_pool_name":{"type":"string","description":"Network pool name of NSX-T ALB Cloud","description_kind":"plain","computed":true}},"description_kind":"plain"}},"vcd_nsxt_alb_controller":{"version":0,"block":{"attributes":{"description":{"type":"string","description":"NSX-T ALB Controller description","description_kind":"plain","optional":true},"id":{"type":"string","description_kind":"plain","optional":true,"computed":true},"license_type":{"type":"string","description":"NSX-T ALB License type. One of 'BASIC', 'ENTERPRISE'","description_kind":"plain","required":true},"name":{"type":"string","description":"NSX-T ALB Controller name","description_kind":"plain","required":true},"password":{"type":"string","description":"NSX-T ALB Controller Password","description_kind":"plain","required":true,"sensitive":true},"url":{"type":"string","description":"NSX-T ALB Controller URL","description_kind":"plain","required":true},"username":{"type":"string","description":"NSX-T ALB Controller Username","description_kind":"plain","required":true},"version":{"type":"string","description":"NSX-T ALB Controller version","description_kind":"plain","computed":true}},"description_kind":"plain"}},"vcd_nsxt_alb_service_engine_group":{"version":0,"block":{"attributes":{"alb_cloud_id":{"type":"string","description":"NSX-T ALB backing Cloud ID","description_kind":"plain","required":true},"deployed_virtual_services":{"type":"number","description":"NSX-T ALB Service Engine Group deployed virtual services","description_kind":"plain","computed":true},"description":{"type":"string","description":"NSX-T ALB Service Engine Group description","description_kind":"plain","optional":true},"ha_mode":{"type":"string","description":"NSX-T ALB Service Engine Group HA mode","description_kind":"plain","computed":true},"id":{"type":"string","description_kind":"plain","optional":true,"computed":true},"importable_service_engine_group_name":{"type":"string","description":"NSX-T ALB Importable Service Engine Group Name","description_kind":"plain","required":true},"max_virtual_services":{"type":"number","description":"NSX-T ALB Service Engine Group maximum virtual services","description_kind":"plain","computed":true},"name":{"type":"string","description":"NSX-T ALB Service Engine Group name","description_kind":"plain","required":true},"overallocated":{"type":"bool","description":"Boolean value that shows if virtual services are overallocated","description_kind":"plain","optional":true},"reservation_model":{"type":"string","description":"NSX-T ALB Service Engine Group reservation model. One of 'DEDICATED', 'SHARED'","description_kind":"plain","required":true},"reserved_virtual_services":{"type":"number","description":"NSX-T ALB Service Engine Group reserved virtual services","description_kind":"plain","computed":true},"sync_on_refresh":{"type":"bool","description":"Boolean value that shows if sync should be performed on every refresh","description_kind":"plain","optional":true}},"description_kind":"plain"}},"vcd_nsxt_app_port_profile":{"version":0,"block":{"attributes":{"description":{"type":"string","description":"Application Port Profile description","description_kind":"plain","optional":true},"id":{"type":"string","description_kind":"plain","optional":true,"computed":true},"name":{"type":"string","description":"Application Port Profile name","description_kind":"plain","required":true},"nsxt_manager_id":{"type":"string","description":"ID of NSX-T manager. Only required for 'PROVIDER' scope","description_kind":"plain","optional":true},"org":{"type":"string","description":"The name of organization to use, optional if defined at provider level. Useful when connected as sysadmin working across different organizations","description_kind":"plain","optional":true},"scope":{"type":"string","description":"Scope - 'PROVIDER' or 'TENANT'","description_kind":"plain","required":true},"vdc":{"type":"string","description":"The name of VDC to use, optional if defined at provider level","description_kind":"plain","optional":true}},"block_types":{"app_port":{"nesting_mode":"set","block":{"attributes":{"port":{"type":["set","string"],"description":"Set of ports or ranges","description_kind":"plain","optional":true},"protocol":{"type":"string","description_kind":"plain","required":true}},"description_kind":"plain"},"min_items":1}},"description_kind":"plain"}},"vcd_nsxt_edgegateway":{"version":0,"block":{"attributes":{"dedicate_external_network":{"type":"bool","description":"Dedicating the External Network will enable Route Advertisement for this Edge Gateway.","description_kind":"plain","optional":true},"description":{"type":"string","description":"Edge Gateway description","description_kind":"plain","optional":true},"edge_cluster_id":{"type":"string","description":"Select specific NSX-T Edge Cluster. Will be inherited from external network if not specified","description_kind":"plain","optional":true,"computed":true},"external_network_id":{"type":"string","description":"External network ID","description_kind":"plain","required":true},"id":{"type":"string","description_kind":"plain","optional":true,"computed":true},"name":{"type":"string","description":"Edge Gateway name","description_kind":"plain","required":true},"org":{"type":"string","description":"The name of organization to use, optional if defined at provider level. Useful when connected as sysadmin working across different organizations","description_kind":"plain","optional":true},"primary_ip":{"type":"string","description":"Primary IP address of edge gateway. Read-only (can be specified in specific subnet)","description_kind":"plain","computed":true},"vdc":{"type":"string","description":"The name of VDC to use, optional if defined at provider level","description_kind":"plain","optional":true}},"block_types":{"subnet":{"nesting_mode":"set","block":{"attributes":{"gateway":{"type":"string","description":"Gateway address for a subnet","description_kind":"plain","required":true},"prefix_length":{"type":"number","description":"Netmask address for a subnet (e.g. 24 for /24)","description_kind":"plain","required":true},"primary_ip":{"type":"string","description":"Primary IP address for the edge gateway - will be auto-assigned if not defined","description_kind":"plain","optional":true}},"block_types":{"allocated_ips":{"nesting_mode":"set","block":{"attributes":{"end_address":{"type":"string","description_kind":"plain","required":true},"start_address":{"type":"string","description_kind":"plain","required":true}},"description":"Define one or more blocks to sub-allocate pools on the edge gateway","description_kind":"plain"},"min_items":1}},"description":"One or more blocks with external network information to be attached to this gateway's interface","description_kind":"plain"},"min_items":1}},"description_kind":"plain"}},"vcd_nsxt_firewall":{"version":0,"block":{"attributes":{"edge_gateway_id":{"type":"string","description":"Edge Gateway ID in which Firewall Rule are located","description_kind":"plain","required":true},"id":{"type":"string","description_kind":"plain","optional":true,"computed":true},"org":{"type":"string","description":"The name of organization to use, optional if defined at provider level. Useful when connected as sysadmin working across different organizations","description_kind":"plain","optional":true},"vdc":{"type":"string","description":"The name of VDC to use, optional if defined at provider level","description_kind":"plain","optional":true}},"block_types":{"rule":{"nesting_mode":"list","block":{"attributes":{"action":{"type":"string","description":"Defines if the rule should 'ALLOW' or 'DROP' matching traffic","description_kind":"plain","required":true},"app_port_profile_ids":{"type":["set","string"],"description":"A set of Application Port Profile IDs. Leaving it empty means 'Any'","description_kind":"plain","optional":true},"destination_ids":{"type":["set","string"],"description":"A set of Destination Firewall Group IDs (IP Sets or Security Groups). Leaving it empty means 'Any'","description_kind":"plain","optional":true},"direction":{"type":"string","description":"Direction on which Firewall Rule applies (One of 'IN', 'OUT', 'IN_OUT')","description_kind":"plain","required":true},"enabled":{"type":"bool","description":"Defined if Firewall Rule is active","description_kind":"plain","optional":true},"id":{"type":"string","description":"Firewall Rule ID","description_kind":"plain","computed":true},"ip_protocol":{"type":"string","description":"Firewall Rule Protocol (One of 'IPV4', 'IPV6', 'IPV4_IPV6')","description_kind":"plain","required":true},"logging":{"type":"bool","description":"Defines if matching traffic should be logged","description_kind":"plain","optional":true},"name":{"type":"string","description":"Firewall Rule name","description_kind":"plain","required":true},"source_ids":{"type":["set","string"],"description":"A set of Source Firewall Group IDs (IP Sets or Security Groups). Leaving it empty means 'Any'","description_kind":"plain","optional":true}},"description":"Ordered list of firewall rules","description_kind":"plain"},"min_items":1}},"description_kind":"plain"}},"vcd_nsxt_ip_set":{"version":0,"block":{"attributes":{"description":{"type":"string","description":"IP set description","description_kind":"plain","optional":true},"edge_gateway_id":{"type":"string","description":"Edge Gateway ID in which IP Set is located","description_kind":"plain","required":true},"id":{"type":"string","description_kind":"plain","optional":true,"computed":true},"ip_addresses":{"type":["set","string"],"description":"A set of IP address, CIDR, IP range objects","description_kind":"plain","optional":true},"name":{"type":"string","description":"IP set name","description_kind":"plain","required":true},"org":{"type":"string","description":"The name of organization to use, optional if defined at provider level. Useful when connected as sysadmin working across different organizations","description_kind":"plain","optional":true},"vdc":{"type":"string","description":"The name of VDC to use, optional if defined at provider level","description_kind":"plain","optional":true}},"description_kind":"plain"}},"vcd_nsxt_ipsec_vpn_tunnel":{"version":0,"block":{"attributes":{"description":{"type":"string","description":"Description IP Sec VPN Tunnel","description_kind":"plain","optional":true},"edge_gateway_id":{"type":"string","description":"Edge gateway name in which IP Sec VPN configuration is located","description_kind":"plain","required":true},"enabled":{"type":"bool","description":"Enables or disables this configuration (default true)","description_kind":"plain","optional":true},"id":{"type":"string","description_kind":"plain","optional":true,"computed":true},"ike_fail_reason":{"type":"string","description":"Provides more details of failure if the IKE service is not UP","description_kind":"plain","computed":true},"ike_service_status":{"type":"string","description":"Status for the actual IKE Session for the given tunnel","description_kind":"plain","computed":true},"local_ip_address":{"type":"string","description":"IPv4 Address for the endpoint. This has to be a sub-allocated IP on the Edge Gateway.","description_kind":"plain","required":true},"local_networks":{"type":["set","string"],"description":"Set of local networks in CIDR format. At least one value is required","description_kind":"plain","required":true},"logging":{"type":"bool","description":"Sets whether logging for the tunnel is enabled or not. (default - false)","description_kind":"plain","optional":true},"name":{"type":"string","description":"Name of IP Sec VPN Tunnel","description_kind":"plain","required":true},"org":{"type":"string","description":"The name of organization to use, optional if defined at provider level. Useful when connected as sysadmin working across different organizations","description_kind":"plain","optional":true},"pre_shared_key":{"type":"string","description":"Pre-Shared Key (PSK)","description_kind":"plain","required":true,"sensitive":true},"remote_ip_address":{"type":"string","description":"Public IPv4 Address of the remote device terminating the VPN connection","description_kind":"plain","required":true},"remote_networks":{"type":["set","string"],"description":"Set of remote networks in CIDR format. Leaving it empty is interpreted as 0.0.0.0/0","description_kind":"plain","optional":true},"security_profile":{"type":"string","description":"Security type which is use for IPsec VPN Tunnel. It will be 'DEFAULT' if nothing is customized and 'CUSTOM' if some changes are applied","description_kind":"plain","computed":true},"status":{"type":"string","description":"Overall IPsec VPN Tunnel Status","description_kind":"plain","computed":true},"vdc":{"type":"string","description":"The name of VDC to use, optional if defined at provider level","description_kind":"plain","optional":true}},"block_types":{"security_profile_customization":{"nesting_mode":"list","block":{"attributes":{"dpd_probe_internal":{"type":"number","description":"Value in seconds of dead probe detection interval. Minimum is 3 seconds and the maximum is 60 seconds","description_kind":"plain","optional":true},"ike_dh_groups":{"type":["set","string"],"description":"Diffie-Hellman groups to be used if Perfect Forward Secrecy is enabled. One of GROUP2, GROUP5, GROUP14, GROUP15, GROUP16, GROUP19, GROUP20, GROUP21","description_kind":"plain","required":true},"ike_digest_algorithms":{"type":["set","string"],"description":"Secure hashing algorithms to use during the IKE negotiation. One of SHA1, SHA2_256, SHA2_384, SHA2_512","description_kind":"plain","optional":true},"ike_encryption_algorithms":{"type":["set","string"],"description":"Encryption algorithms. One of SHA1, SHA2_256, SHA2_384, SHA2_512","description_kind":"plain","required":true},"ike_sa_lifetime":{"type":"number","description":"Security Association life time (in seconds). It is number of seconds before the IPsec tunnel needs to reestablish","description_kind":"plain","optional":true},"ike_version":{"type":"string","description":"IKE version one of IKE_V1, IKE_V2, IKE_FLEX","description_kind":"plain","required":true},"tunnel_df_policy":{"type":"string","description":"Policy for handling defragmentation bit. One of COPY, CLEAR","description_kind":"plain","optional":true},"tunnel_dh_groups":{"type":["set","string"],"description":"Diffie-Hellman groups to be used is PFS is enabled. One of GROUP2, GROUP5, GROUP14, GROUP15, GROUP16, GROUP19, GROUP20, GROUP21","description_kind":"plain","required":true},"tunnel_digest_algorithms":{"type":["set","string"],"description":"Digest algorithms to be used for message digest. One of SHA1, SHA2_256, SHA2_384, SHA2_512","description_kind":"plain","optional":true},"tunnel_encryption_algorithms":{"type":["set","string"],"description":"Encryption algorithms to use in IPSec tunnel establishment. One of AES_128, AES_256, AES_GCM_128, AES_GCM_192, AES_GCM_256, NO_ENCRYPTION_AUTH_AES_GMAC_128, NO_ENCRYPTION_AUTH_AES_GMAC_192, NO_ENCRYPTION_AUTH_AES_GMAC_256, NO_ENCRYPTION","description_kind":"plain","required":true},"tunnel_pfs_enabled":{"type":"bool","description":"Perfect Forward Secrecy Enabled or Disabled. Default (enabled)","description_kind":"plain","optional":true},"tunnel_sa_lifetime":{"type":"number","description":"Security Association life time (in seconds)","description_kind":"plain","optional":true}},"description":"Security profile customization","description_kind":"plain"},"max_items":1}},"description_kind":"plain"}},"vcd_nsxt_nat_rule":{"version":0,"block":{"attributes":{"app_port_profile_id":{"type":"string","description":"Application Port Profile to apply for this rule","description_kind":"plain","optional":true},"description":{"type":"string","description":"Description of NAT rule","description_kind":"plain","optional":true},"dnat_external_port":{"type":"string","description":"For DNAT only. Enter a port into which the DNAT rule is translating for the packets inbound to the virtual machines.","description_kind":"plain","optional":true},"edge_gateway_id":{"type":"string","description":"Edge gateway name in which NAT Rule is located","description_kind":"plain","required":true},"enabled":{"type":"bool","description":"Enables or disables this rule","description_kind":"plain","optional":true},"external_address":{"type":"string","description":"IP address or CIDR of external network","description_kind":"plain","optional":true},"firewall_match":{"type":"string","description":"VCD 10.2.2+ Determines how the firewall matches the address during NATing if firewall stage is not skipped. One of 'MATCH_INTERNAL_ADDRESS', 'MATCH_EXTERNAL_ADDRESS', 'BYPASS'","description_kind":"plain","optional":true,"computed":true},"id":{"type":"string","description_kind":"plain","optional":true,"computed":true},"internal_address":{"type":"string","description":"IP address or CIDR of the virtual machines for which you are configuring NAT","description_kind":"plain","optional":true},"logging":{"type":"bool","description":"Enable logging when this rule is applied","description_kind":"plain","optional":true},"name":{"type":"string","description":"Name of NAT rule","description_kind":"plain","required":true},"org":{"type":"string","description":"The name of organization to use, optional if defined at provider level. Useful when connected as sysadmin working across different organizations","description_kind":"plain","optional":true},"priority":{"type":"number","description":"VCD 10.2.2+ If an address has multiple NAT rules, the rule with the highest priority is applied. A lower value means a higher precedence for this rule.","description_kind":"plain","optional":true,"computed":true},"rule_type":{"type":"string","description":"Rule type - one of 'DNAT', 'NO_DNAT', 'SNAT', 'NO_SNAT', 'REFLEXIVE'","description_kind":"plain","required":true},"snat_destination_address":{"type":"string","description":"For SNAT only. If you want the rule to apply only for traffic to a specific domain, enter an IP address for this domain or an IP address range in CIDR format.","description_kind":"plain","optional":true},"vdc":{"type":"string","description":"The name of VDC to use, optional if defined at provider level","description_kind":"plain","optional":true}},"description_kind":"plain"}},"vcd_nsxt_network_dhcp":{"version":0,"block":{"attributes":{"id":{"type":"string","description_kind":"plain","optional":true,"computed":true},"org":{"type":"string","description":"The name of organization to use, optional if defined at provider level. Useful when connected as sysadmin working across different organizations","description_kind":"plain","optional":true},"org_network_id":{"type":"string","description":"Parent Org VDC network ID","description_kind":"plain","required":true},"vdc":{"type":"string","description":"The name of VDC to use, optional if defined at provider level","description_kind":"plain","optional":true}},"block_types":{"pool":{"nesting_mode":"set","block":{"attributes":{"end_address":{"type":"string","description":"End address of DHCP pool IP range","description_kind":"plain","required":true},"start_address":{"type":"string","description":"Start address of DHCP pool IP range","description_kind":"plain","required":true}},"description":"IP ranges used for DHCP pool allocation in the network","description_kind":"plain"},"min_items":1}},"description_kind":"plain"}},"vcd_nsxt_network_imported":{"version":0,"block":{"attributes":{"description":{"type":"string","description":"Network description","description_kind":"plain","optional":true},"dns1":{"type":"string","description":"DNS server 1","description_kind":"plain","optional":true},"dns2":{"type":"string","description":"DNS server 1","description_kind":"plain","optional":true},"dns_suffix":{"type":"string","description":"DNS suffix","description_kind":"plain","optional":true},"gateway":{"type":"string","description":"Gateway IP address","description_kind":"plain","required":true},"id":{"type":"string","description_kind":"plain","optional":true,"computed":true},"name":{"type":"string","description":"Network name","description_kind":"plain","required":true},"nsxt_logical_switch_id":{"type":"string","description":"ID of existing NSX-T Logical Switch","description_kind":"plain","computed":true},"nsxt_logical_switch_name":{"type":"string","description":"Name of existing NSX-T Logical Switch","description_kind":"plain","required":true},"org":{"type":"string","description":"The name of organization to use, optional if defined at provider level. Useful when connected as sysadmin working across different organizations","description_kind":"plain","optional":true},"prefix_length":{"type":"number","description":"Network prefix","description_kind":"plain","required":true},"vdc":{"type":"string","description":"The name of VDC to use, optional if defined at provider level","description_kind":"plain","optional":true}},"block_types":{"static_ip_pool":{"nesting_mode":"set","block":{"attributes":{"end_address":{"type":"string","description":"End address of the IP range","description_kind":"plain","required":true},"start_address":{"type":"string","description":"Start address of the IP range","description_kind":"plain","required":true}},"description":"IP ranges used for static pool allocation in the network","description_kind":"plain"}}},"description_kind":"plain"}},"vcd_nsxt_security_group":{"version":0,"block":{"attributes":{"description":{"type":"string","description":"Security Group description","description_kind":"plain","optional":true},"edge_gateway_id":{"type":"string","description":"Edge Gateway ID in which security group is located","description_kind":"plain","required":true},"id":{"type":"string","description_kind":"plain","optional":true,"computed":true},"member_org_network_ids":{"type":["set","string"],"description":"Set of Org VDC network IDs attached to this security group","description_kind":"plain","optional":true},"member_vms":{"type":["set",["object",{"vapp_id":"string","vapp_name":"string","vm_id":"string","vm_name":"string"}]],"description":"Set of VM IDs","description_kind":"plain","computed":true},"name":{"type":"string","description":"Security Group name","description_kind":"plain","required":true},"org":{"type":"string","description":"The name of organization to use, optional if defined at provider level. Useful when connected as sysadmin working across different organizations","description_kind":"plain","optional":true},"vdc":{"type":"string","description":"The name of VDC to use, optional if defined at provider level","description_kind":"plain","optional":true}},"description_kind":"plain"}},"vcd_nsxv_dhcp_relay":{"version":0,"block":{"attributes":{"domain_names":{"type":["set","string"],"description":"A set of IP domain names of DHCP servers","description_kind":"plain","optional":true},"edge_gateway":{"type":"string","description":"Edge gateway name for DHCP relay settings","description_kind":"plain","required":true},"id":{"type":"string","description_kind":"plain","optional":true,"computed":true},"ip_addresses":{"type":["set","string"],"description":"A set of IP address of DHCP servers","description_kind":"plain","optional":true},"ip_sets":{"type":["set","string"],"description":"A set of IP set names which consist DHCP servers","description_kind":"plain","optional":true},"org":{"type":"string","description":"The name of organization to use, optional if defined at provider level. Useful when connected as sysadmin working across different organizations","description_kind":"plain","optional":true},"vdc":{"type":"string","description":"The name of VDC to use, optional if defined at provider level","description_kind":"plain","optional":true}},"block_types":{"relay_agent":{"nesting_mode":"set","block":{"attributes":{"gateway_ip_address":{"type":"string","description":"Optional gateway IP address of org network which is to be used for relaying DHCP message to specified servers","description_kind":"plain","optional":true,"computed":true},"network_name":{"type":"string","description":"Org network which is to be used for relaying DHCP message to specified servers","description_kind":"plain","required":true}},"description_kind":"plain"},"min_items":1}},"description_kind":"plain"}},"vcd_nsxv_dnat":{"version":0,"block":{"attributes":{"description":{"type":"string","description":"NAT rule description","description_kind":"plain","optional":true},"edge_gateway":{"type":"string","description":"Edge gateway name in which NAT Rule is located","description_kind":"plain","required":true},"enabled":{"type":"bool","description":"Whether the rule should be enabled. Default 'true'","description_kind":"plain","optional":true},"icmp_type":{"type":"string","description":"ICMP type. Only supported when protocol is ICMP. One of `any`, `address-mask-request`, `address-mask-reply`, `destination-unreachable`, `echo-request`, `echo-reply`, `parameter-problem`, `redirect`, `router-advertisement`, `router-solicitation`, `source-quench`, `time-exceeded`, `timestamp-request`, `timestamp-reply`. Default `any`","description_kind":"plain","optional":true},"id":{"type":"string","description_kind":"plain","optional":true,"computed":true},"logging_enabled":{"type":"bool","description":"Whether logging should be enabled for this rule. Default 'false'","description_kind":"plain","optional":true},"network_name":{"type":"string","description":"Org or external network name","description_kind":"plain","required":true},"network_type":{"type":"string","description":"Network type. One of 'ext', 'org'","description_kind":"plain","required":true},"org":{"type":"string","description":"The name of organization to use, optional if defined at provider level. Useful when connected as sysadmin working across different organizations","description_kind":"plain","optional":true},"original_address":{"type":"string","description":"Original address or address range. This is the the destination address for DNAT rules.","description_kind":"plain","required":true},"original_port":{"type":"string","description":"Original port. This is the destination port for DNAT rules","description_kind":"plain","optional":true},"protocol":{"type":"string","description":"Protocol. Such as 'tcp', 'udp', 'icmp', 'any'","description_kind":"plain","optional":true},"rule_tag":{"type":"number","description":"Optional. Allows to set custom rule tag","description_kind":"plain","optional":true,"computed":true},"rule_type":{"type":"string","description":"Read only. Possible values 'user', 'internal_high'","description_kind":"plain","optional":true,"computed":true},"translated_address":{"type":"string","description":"Translated address or address range","description_kind":"plain","optional":true},"translated_port":{"type":"string","description":"Translated port","description_kind":"plain","optional":true},"vdc":{"type":"string","description":"The name of VDC to use, optional if defined at provider level","description_kind":"plain","optional":true}},"description_kind":"plain"}},"vcd_nsxv_firewall_rule":{"version":0,"block":{"attributes":{"above_rule_id":{"type":"string","description":"This firewall rule will be inserted above the referred one","description_kind":"plain","optional":true},"action":{"type":"string","description":"'accept' or 'deny'. Default 'accept'","description_kind":"plain","optional":true},"edge_gateway":{"type":"string","description":"Edge gateway name in which Firewall Rule is located","description_kind":"plain","required":true},"enabled":{"type":"bool","description":"Whether the rule should be enabled. Default 'true'","description_kind":"plain","optional":true},"id":{"type":"string","description_kind":"plain","optional":true,"computed":true},"logging_enabled":{"type":"bool","description":"Whether logging should be enabled for this rule. Default 'false'","description_kind":"plain","optional":true},"name":{"type":"string","description":"Firewall rule name","description_kind":"plain","optional":true},"org":{"type":"string","description":"The name of organization to use, optional if defined at provider level. Useful when connected as sysadmin working across different organizations","description_kind":"plain","optional":true},"rule_tag":{"type":"number","description":"Optional. Allows to set custom rule tag","description_kind":"plain","optional":true,"computed":true},"rule_type":{"type":"string","description":"Read only. Possible values 'user', 'internal_high'","description_kind":"plain","optional":true,"computed":true},"vdc":{"type":"string","description":"The name of VDC to use, optional if defined at provider level","description_kind":"plain","optional":true}},"block_types":{"destination":{"nesting_mode":"list","block":{"attributes":{"exclude":{"type":"bool","description":"Rule is applied to traffic going to any destinations except for the excluded destination. Default 'false'","description_kind":"plain","optional":true},"gateway_interfaces":{"type":["set","string"],"description":"'vse', 'internal', 'external' or network name","description_kind":"plain","optional":true},"ip_addresses":{"type":["set","string"],"description":"IP address, CIDR, an IP range, or the keyword 'any'","description_kind":"plain","optional":true},"ip_sets":{"type":["set","string"],"description":"Set of IP set names","description_kind":"plain","optional":true},"org_networks":{"type":["set","string"],"description":"Set of org network names","description_kind":"plain","optional":true},"vm_ids":{"type":["set","string"],"description":"Set of VM IDs","description_kind":"plain","optional":true}},"description_kind":"plain"},"min_items":1,"max_items":1},"service":{"nesting_mode":"set","block":{"attributes":{"port":{"type":"string","description_kind":"plain","optional":true,"computed":true},"protocol":{"type":"string","description_kind":"plain","required":true},"source_port":{"type":"string","description_kind":"plain","optional":true,"computed":true}},"description_kind":"plain"},"min_items":1},"source":{"nesting_mode":"list","block":{"attributes":{"exclude":{"type":"bool","description":"Rule is applied to traffic coming from all sources except for the excluded source. Default 'false'","description_kind":"plain","optional":true},"gateway_interfaces":{"type":["set","string"],"description":"'vse', 'internal', 'external' or network name","description_kind":"plain","optional":true},"ip_addresses":{"type":["set","string"],"description":"IP address, CIDR, an IP range, or the keyword 'any'","description_kind":"plain","optional":true},"ip_sets":{"type":["set","string"],"description":"Set of IP set names","description_kind":"plain","optional":true},"org_networks":{"type":["set","string"],"description":"Set of org network names","description_kind":"plain","optional":true},"vm_ids":{"type":["set","string"],"description":"Set of VM IDs","description_kind":"plain","optional":true}},"description_kind":"plain"},"min_items":1,"max_items":1}},"description_kind":"plain"}},"vcd_nsxv_ip_set":{"version":0,"block":{"attributes":{"description":{"type":"string","description":"IP set description","description_kind":"plain","optional":true},"id":{"type":"string","description_kind":"plain","optional":true,"computed":true},"ip_addresses":{"type":["set","string"],"description":"A set of IP address, CIDR, IP range objects","description_kind":"plain","required":true},"is_inheritance_allowed":{"type":"bool","description":"Allows visibility in underlying scopes (Default is true)","description_kind":"plain","optional":true},"name":{"type":"string","description":"IP set name","description_kind":"plain","required":true},"org":{"type":"string","description":"The name of organization to use, optional if defined at provider level. Useful when connected as sysadmin working across different organizations","description_kind":"plain","optional":true},"vdc":{"type":"string","description":"The name of VDC to use, optional if defined at provider level","description_kind":"plain","optional":true}},"description_kind":"plain"}},"vcd_nsxv_snat":{"version":0,"block":{"attributes":{"description":{"type":"string","description":"NAT rule description","description_kind":"plain","optional":true},"edge_gateway":{"type":"string","description":"Edge gateway name in which NAT Rule is located","description_kind":"plain","required":true},"enabled":{"type":"bool","description":"Whether the rule should be enabled. Default 'true'","description_kind":"plain","optional":true},"id":{"type":"string","description_kind":"plain","optional":true,"computed":true},"logging_enabled":{"type":"bool","description":"Whether logging should be enabled for this rule. Default 'false'","description_kind":"plain","optional":true},"network_name":{"type":"string","description":"Org or external network name","description_kind":"plain","required":true},"network_type":{"type":"string","description":"Network type. One of 'ext', 'org'","description_kind":"plain","required":true},"org":{"type":"string","description":"The name of organization to use, optional if defined at provider level. Useful when connected as sysadmin working across different organizations","description_kind":"plain","optional":true},"original_address":{"type":"string","description":"Original address or address range. This is the the source address for SNAT rules","description_kind":"plain","required":true},"rule_tag":{"type":"number","description":"Optional. Allows to set custom rule tag","description_kind":"plain","optional":true,"computed":true},"rule_type":{"type":"string","description":"Read only. Possible values 'user', 'internal_high'","description_kind":"plain","optional":true,"computed":true},"translated_address":{"type":"string","description":"Translated address or address range","description_kind":"plain","optional":true},"vdc":{"type":"string","description":"The name of VDC to use, optional if defined at provider level","description_kind":"plain","optional":true}},"description_kind":"plain"}},"vcd_org":{"version":0,"block":{"attributes":{"can_publish_catalogs":{"type":"bool","description":"True if this organization is allowed to share catalogs.","description_kind":"plain","optional":true},"delay_after_power_on_seconds":{"type":"number","description":"Specifies this organization's default for virtual machine boot delay after power on.","description_kind":"plain","optional":true},"delete_force":{"type":"bool","description":"When destroying use delete_force=True with delete_recursive=True to remove an org and any objects it contains, regardless of their state.","description_kind":"plain","required":true},"delete_recursive":{"type":"bool","description":"When destroying use delete_recursive=True to remove the org and any objects it contains that are in a state that normally allows removal.","description_kind":"plain","required":true},"deployed_vm_quota":{"type":"number","description":"Maximum number of virtual machines that can be deployed simultaneously by a member of this organization. (0 = unlimited)","description_kind":"plain","optional":true},"description":{"type":"string","description_kind":"plain","optional":true},"full_name":{"type":"string","description_kind":"plain","required":true},"id":{"type":"string","description_kind":"plain","optional":true,"computed":true},"is_enabled":{"type":"bool","description":"True if this organization is enabled (allows login and all other operations).","description_kind":"plain","optional":true},"name":{"type":"string","description_kind":"plain","required":true},"stored_vm_quota":{"type":"number","description":"Maximum number of virtual machines in vApps or vApp templates that can be stored in an undeployed state by a member of this organization. (0 = unlimited)","description_kind":"plain","optional":true}},"block_types":{"vapp_lease":{"nesting_mode":"list","block":{"attributes":{"delete_on_storage_lease_expiration":{"type":"bool","description":"If true, storage for a vApp is deleted when the vApp's lease expires. If false, the storage is flagged for deletion, but not deleted.","description_kind":"plain","required":true},"maximum_runtime_lease_in_sec":{"type":"number","description":"How long vApps can run before they are automatically stopped (in seconds). 0 means never expires","description_kind":"plain","required":true},"maximum_storage_lease_in_sec":{"type":"number","description":"How long stopped vApps are available before being automatically cleaned up (in seconds). 0 means never expires","description_kind":"plain","required":true},"power_off_on_runtime_lease_expiration":{"type":"bool","description":"When true, vApps are powered off when the runtime lease expires. When false, vApps are suspended when the runtime lease expires","description_kind":"plain","required":true}},"description":"Defines lease parameters for vApps created in this organization","description_kind":"plain"},"max_items":1},"vapp_template_lease":{"nesting_mode":"list","block":{"attributes":{"delete_on_storage_lease_expiration":{"type":"bool","description":"If true, storage for a vAppTemplate is deleted when the vAppTemplate lease expires. If false, the storage is flagged for deletion, but not deleted","description_kind":"plain","required":true},"maximum_storage_lease_in_sec":{"type":"number","description":"How long vApp templates are available before being automatically cleaned up (in seconds). 0 means never expires","description_kind":"plain","required":true}},"description":"Defines lease parameters for vApp templates created in this organization","description_kind":"plain"},"max_items":1}},"description_kind":"plain"}},"vcd_org_group":{"version":0,"block":{"attributes":{"description":{"type":"string","description":"Description","description_kind":"plain","optional":true},"id":{"type":"string","description_kind":"plain","optional":true,"computed":true},"name":{"type":"string","description":"Group name","description_kind":"plain","required":true},"org":{"type":"string","description":"The name of organization to use, optional if defined at provider level. Useful when connected as sysadmin working across different organizations","description_kind":"plain","optional":true},"provider_type":{"type":"string","description":"Identity provider type - 'SAML' or 'INTEGRATED' for LDAP","description_kind":"plain","required":true},"role":{"type":"string","description":"Existing role name to assign","description_kind":"plain","required":true}},"description_kind":"plain"}},"vcd_org_user":{"version":0,"block":{"attributes":{"deployed_vm_quota":{"type":"number","description":"Quota of vApps that this user can deploy. A value of 0 specifies an unlimited quota.","description_kind":"plain","optional":true},"description":{"type":"string","description":"The user's description","description_kind":"plain","optional":true},"email_address":{"type":"string","description":"The user's email address","description_kind":"plain","optional":true},"enabled":{"type":"bool","description":"True if the user is enabled and can log in.","description_kind":"plain","optional":true},"full_name":{"type":"string","description":"The user's full name","description_kind":"plain","optional":true},"id":{"type":"string","description_kind":"plain","optional":true,"computed":true},"instant_messaging":{"type":"string","description":"The user's telephone","description_kind":"plain","optional":true},"is_group_role":{"type":"bool","description":"True if this user has a group role.","description_kind":"plain","optional":true},"is_locked":{"type":"bool","description":"If the user account has been locked due to too many invalid login attempts, the value will change to true (only the system can lock the user). To unlock the user re-set this flag to false.","description_kind":"plain","optional":true},"name":{"type":"string","description":"User's name. Only lowercase letters allowed. Cannot be changed after creation","description_kind":"plain","required":true},"org":{"type":"string","description":"The name of organization to use, optional if defined at provider level. Useful when connected as sysadmin working across different organizations","description_kind":"plain","optional":true},"password":{"type":"string","description":"The user's password. This value is never returned on read. Either \"password\" or \"password_file\" must be included on creation.","description_kind":"plain","optional":true,"sensitive":true},"password_file":{"type":"string","description":"Name of a file containing the user's password. Either \"password_file\" or \"password\" must be included on creation.","description_kind":"plain","optional":true},"provider_type":{"type":"string","description":"Identity provider type for this this user. One of: 'INTEGRATED', 'SAML', 'OAUTH'. When empty, the default value 'INTEGRATED' is used.","description_kind":"plain","optional":true},"role":{"type":"string","description":"Role within the organization","description_kind":"plain","required":true},"stored_vm_quota":{"type":"number","description":"Quota of vApps that this user can store. A value of 0 specifies an unlimited quota.","description_kind":"plain","optional":true},"take_ownership":{"type":"bool","description":"Take ownership of user's objects on deletion.","description_kind":"plain","optional":true},"telephone":{"type":"string","description":"The user's telephone","description_kind":"plain","optional":true}},"description_kind":"plain"}},"vcd_org_vdc":{"version":0,"block":{"attributes":{"allocation_model":{"type":"string","description":"The allocation model used by this VDC; must be one of {AllocationVApp, AllocationPool, ReservationPool, Flex}","description_kind":"plain","required":true},"allow_over_commit":{"type":"bool","description":"Set to false to disallow creation of the VDC if the AllocationModel is AllocationPool or ReservationPool and the ComputeCapacity you specified is greater than what the backing Provider VDC can supply. Default is true.","description_kind":"plain","optional":true,"computed":true},"cpu_guaranteed":{"type":"number","description":"Percentage of allocated CPU resources guaranteed to vApps deployed in this VDC. For example, if this value is 0.75, then 75% of allocated resources are guaranteed. Required when AllocationModel is AllocationVApp or AllocationPool. If the element is empty, vCD sets a value","description_kind":"plain","optional":true,"computed":true},"cpu_speed":{"type":"number","description":"Specifies the clock frequency, in Megahertz, for any virtual CPU that is allocated to a VM. A VM with 2 vCPUs will consume twice as much of this value. Ignored for ReservationPool. Required when AllocationModel is AllocationVApp or AllocationPool, and may not be less than 256 MHz. Defaults to 1000 MHz if the element is empty or missing.","description_kind":"plain","optional":true,"computed":true},"default_vm_sizing_policy_id":{"type":"string","description":"ID of default VM sizing policy ID","description_kind":"plain","optional":true,"computed":true},"delete_force":{"type":"bool","description":"When destroying use delete_force=True to remove a VDC and any objects it contains, regardless of their state.","description_kind":"plain","required":true},"delete_recursive":{"type":"bool","description":"When destroying use delete_recursive=True to remove the VDC and any objects it contains that are in a state that normally allows removal.","description_kind":"plain","required":true},"description":{"type":"string","description_kind":"plain","optional":true},"elasticity":{"type":"bool","description":"Set to true to indicate if the Flex VDC is to be elastic.","description_kind":"plain","optional":true,"computed":true},"enable_fast_provisioning":{"type":"bool","description":"Request for fast provisioning. Request will be honored only if the underlying datas tore supports it. Fast provisioning can reduce the time it takes to create virtual machines by using vSphere linked clones. If you disable fast provisioning, all provisioning operations will result in full clones.","description_kind":"plain","optional":true},"enable_thin_provisioning":{"type":"bool","description":"Boolean to request thin provisioning. Request will be honored only if the underlying datastore supports it. Thin provisioning saves storage space by committing it on demand. This allows over-allocation of storage.","description_kind":"plain","optional":true},"enable_vm_discovery":{"type":"bool","description":"True if discovery of vCenter VMs is enabled for resource pools backing this VDC. If left unspecified, the actual behaviour depends on enablement at the organization level and at the system level.","description_kind":"plain","optional":true},"enabled":{"type":"bool","description":"True if this VDC is enabled for use by the organization VDCs. Default is true.","description_kind":"plain","optional":true},"id":{"type":"string","description_kind":"plain","optional":true,"computed":true},"include_vm_memory_overhead":{"type":"bool","description":"Set to true to indicate if the Flex VDC is to include memory overhead into its accounting for admission control.","description_kind":"plain","optional":true,"computed":true},"memory_guaranteed":{"type":"number","description":"Percentage of allocated memory resources guaranteed to vApps deployed in this VDC. For example, if this value is 0.75, then 75% of allocated resources are guaranteed. Required when AllocationModel is AllocationVApp or AllocationPool. When Allocation model is AllocationPool minimum value is 0.2. If the element is empty, vCD sets a value.","description_kind":"plain","optional":true,"computed":true},"metadata":{"type":["map","string"],"description":"Key and value pairs for Org VDC metadata","description_kind":"plain","optional":true},"name":{"type":"string","description_kind":"plain","required":true},"network_pool_name":{"type":"string","description":"The name of a network pool in the Provider VDC. Required if this VDC will contain routed or isolated networks.","description_kind":"plain","optional":true},"network_quota":{"type":"number","description":"Maximum number of network objects that can be deployed in this VDC. Defaults to 0, which means no networks can be deployed.","description_kind":"plain","optional":true},"nic_quota":{"type":"number","description":"Maximum number of virtual NICs allowed in this VDC. Defaults to 0, which specifies an unlimited number.","description_kind":"plain","optional":true},"org":{"type":"string","description":"The name of organization to use, optional if defined at provider level. Useful when connected as sysadmin working across different organizations","description_kind":"plain","optional":true},"provider_vdc_name":{"type":"string","description":"A reference to the Provider VDC from which this organization VDC is provisioned.","description_kind":"plain","required":true},"vm_quota":{"type":"number","description":"The maximum number of VMs that can be created in this VDC. Includes deployed and undeployed VMs in vApps and vApp templates. Defaults to 0, which specifies an unlimited number.","description_kind":"plain","optional":true},"vm_sizing_policy_ids":{"type":["set","string"],"description":"Set of VM sizing policy IDs","description_kind":"plain","optional":true,"computed":true}},"block_types":{"compute_capacity":{"nesting_mode":"list","block":{"block_types":{"cpu":{"nesting_mode":"list","block":{"attributes":{"allocated":{"type":"number","description":"Capacity that is committed to be available. Value in MB or MHz. Used with AllocationPool (Allocation pool) and ReservationPool (Reservation pool).","description_kind":"plain","optional":true,"computed":true},"limit":{"type":"number","description":"Capacity limit relative to the value specified for Allocation. It must not be less than that value. If it is greater than that value, it implies over provisioning. A value of 0 specifies unlimited units. Value in MB or MHz. Used with AllocationVApp (Pay as you go).","description_kind":"plain","optional":true,"computed":true},"reserved":{"type":"number","description_kind":"plain","computed":true},"used":{"type":"number","description_kind":"plain","computed":true}},"description_kind":"plain"},"min_items":1,"max_items":1},"memory":{"nesting_mode":"list","block":{"attributes":{"allocated":{"type":"number","description":"Capacity that is committed to be available. Value in MB or MHz. Used with AllocationPool (Allocation pool) and ReservationPool (Reservation pool).","description_kind":"plain","optional":true,"computed":true},"limit":{"type":"number","description":"Capacity limit relative to the value specified for Allocation. It must not be less than that value. If it is greater than that value, it implies over provisioning. A value of 0 specifies unlimited units. Value in MB or MHz. Used with AllocationVApp (Pay as you go).","description_kind":"plain","optional":true,"computed":true},"reserved":{"type":"number","description_kind":"plain","computed":true},"used":{"type":"number","description_kind":"plain","computed":true}},"description_kind":"plain"},"min_items":1,"max_items":1}},"description":"The compute capacity allocated to this VDC.","description_kind":"plain"},"min_items":1,"max_items":1},"storage_profile":{"nesting_mode":"set","block":{"attributes":{"default":{"type":"bool","description":"True if this is default storage profile for this VDC. The default storage profile is used when an object that can specify a storage profile is created with no storage profile specified.","description_kind":"plain","required":true},"enabled":{"type":"bool","description":"True if this storage profile is enabled for use in the VDC.","description_kind":"plain","optional":true},"limit":{"type":"number","description":"Maximum number of MB allocated for this storage profile. A value of 0 specifies unlimited MB.","description_kind":"plain","required":true},"name":{"type":"string","description":"Name of Provider VDC storage profile.","description_kind":"plain","required":true},"storage_used_in_mb":{"type":"number","description":"Storage used in MB","description_kind":"plain","computed":true}},"description":"Storage profiles supported by this VDC.","description_kind":"plain"},"min_items":1}},"description_kind":"plain"}},"vcd_rights_bundle":{"version":0,"block":{"attributes":{"bundle_key":{"type":"string","description":"Key used for internationalization","description_kind":"plain","computed":true},"description":{"type":"string","description":"Rights bundle description","description_kind":"plain","required":true},"id":{"type":"string","description_kind":"plain","optional":true,"computed":true},"name":{"type":"string","description":"Name of rights bundle.","description_kind":"plain","required":true},"publish_to_all_tenants":{"type":"bool","description":"When true, publishes the rights bundle to all tenants","description_kind":"plain","required":true},"read_only":{"type":"bool","description":"Whether this rights bundle is read-only","description_kind":"plain","computed":true},"rights":{"type":["set","string"],"description":"list of rights assigned to this rights bundle","description_kind":"plain","optional":true},"tenants":{"type":["set","string"],"description":"list of tenants to which this rights bundle is published","description_kind":"plain","optional":true}},"description_kind":"plain"}},"vcd_role":{"version":0,"block":{"attributes":{"bundle_key":{"type":"string","description":"Key used for internationalization","description_kind":"plain","computed":true},"description":{"type":"string","description":"Role description","description_kind":"plain","required":true},"id":{"type":"string","description_kind":"plain","optional":true,"computed":true},"name":{"type":"string","description":"Name of Role.","description_kind":"plain","required":true},"org":{"type":"string","description":"The name of organization to use, optional if defined at provider level. Useful when connected as sysadmin working across different organizations","description_kind":"plain","optional":true},"read_only":{"type":"bool","description":"Whether this role is read-only","description_kind":"plain","computed":true},"rights":{"type":["set","string"],"description":"list of rights assigned to this role","description_kind":"plain","optional":true}},"description_kind":"plain"}},"vcd_vapp":{"version":0,"block":{"attributes":{"description":{"type":"string","description":"Optional description of the vApp","description_kind":"plain","optional":true},"guest_properties":{"type":["map","string"],"description":"Key/value settings for guest properties. Will be picked up by new VMs when created.","description_kind":"plain","optional":true},"href":{"type":"string","description":"vApp Hyper Reference","description_kind":"plain","computed":true},"id":{"type":"string","description_kind":"plain","optional":true,"computed":true},"metadata":{"type":["map","string"],"description":"Key value map of metadata to assign to this vApp. Key and value can be any string.","description_kind":"plain","optional":true},"name":{"type":"string","description":"A name for the vApp, unique withing the VDC","description_kind":"plain","required":true},"org":{"type":"string","description":"The name of organization to use, optional if defined at provider level. Useful when connected as sysadmin working across different organizations","description_kind":"plain","optional":true},"power_on":{"type":"bool","description":"A boolean value stating if this vApp should be powered on","description_kind":"plain","optional":true},"status":{"type":"number","description":"Shows the status code of the vApp","description_kind":"plain","computed":true},"status_text":{"type":"string","description":"Shows the status of the vApp","description_kind":"plain","computed":true},"vdc":{"type":"string","description":"The name of VDC to use, optional if defined at provider level","description_kind":"plain","optional":true}},"description_kind":"plain"}},"vcd_vapp_access_control":{"version":0,"block":{"attributes":{"everyone_access_level":{"type":"string","description":"Access level when the vApp is shared with everyone (one of ReadOnly, Change, FullControl). Required when shared_with_everyone is set","description_kind":"plain","optional":true},"id":{"type":"string","description_kind":"plain","optional":true,"computed":true},"org":{"type":"string","description":"The name of organization to use, optional if defined at provider level. Useful when connected as sysadmin working across different organizations","description_kind":"plain","optional":true},"shared_with_everyone":{"type":"bool","description":"Whether the vApp is shared with everyone","description_kind":"plain","required":true},"vapp_id":{"type":"string","description":"vApp identifier","description_kind":"plain","required":true},"vdc":{"type":"string","description":"The name of VDC to use, optional if defined at provider level","description_kind":"plain","optional":true}},"block_types":{"shared_with":{"nesting_mode":"set","block":{"attributes":{"access_level":{"type":"string","description":"The access level for the user or group to which we are sharing. (One of ReadOnly, Change, FullControl)","description_kind":"plain","required":true},"group_id":{"type":"string","description":"ID of the group to which we are sharing. Required if user_id is not set","description_kind":"plain","optional":true},"subject_name":{"type":"string","description":"Name of the subject (group or user) with which we are sharing","description_kind":"plain","computed":true},"user_id":{"type":"string","description":"ID of the user to which we are sharing. Required if group_id is not set","description_kind":"plain","optional":true}},"description_kind":"plain"}}},"description_kind":"plain"}},"vcd_vapp_firewall_rules":{"version":0,"block":{"attributes":{"default_action":{"type":"string","description":"Specifies what to do should none of the rules match. Either `allow` or `drop`","description_kind":"plain","required":true},"enabled":{"type":"bool","description":"Enable or disable firewall service. Default is `true`","description_kind":"plain","optional":true},"id":{"type":"string","description_kind":"plain","optional":true,"computed":true},"log_default_action":{"type":"bool","description":"Flag to enable logging for default action. Default value is false.","description_kind":"plain","optional":true},"network_id":{"type":"string","description":"vApp network identifier","description_kind":"plain","required":true},"org":{"type":"string","description":"The name of organization to use, optional if defined at provider level. Useful when connected as sysadmin working across different organizations","description_kind":"plain","optional":true},"vapp_id":{"type":"string","description":"vApp identifier","description_kind":"plain","required":true},"vdc":{"type":"string","description":"The name of VDC to use, optional if defined at provider level","description_kind":"plain","optional":true}},"block_types":{"rule":{"nesting_mode":"list","block":{"attributes":{"destination_ip":{"type":"string","description":"Destination IP address to which the rule applies. A value of `Any` matches any IP address.","description_kind":"plain","optional":true},"destination_port":{"type":"string","description":"Destination port to which this rule applies.","description_kind":"plain","optional":true},"destination_vm_id":{"type":"string","description":"Destination VM identifier","description_kind":"plain","optional":true},"destination_vm_ip_type":{"type":"string","description":"The value can be one of: `assigned` - assigned internal IP will be automatically chosen. `NAT`: NATed external IP will be automatically chosen.","description_kind":"plain","optional":true},"destination_vm_nic_id":{"type":"number","description":"Destination VM NIC ID to which this rule applies.","description_kind":"plain","optional":true},"enable_logging":{"type":"bool","description":"'true' value will enable rule logging. Default is false","description_kind":"plain","optional":true},"enabled":{"type":"bool","description":"'true' value will enable firewall rule","description_kind":"plain","optional":true},"name":{"type":"string","description":"Rule name","description_kind":"plain","optional":true},"policy":{"type":"string","description":"One of: `drop` (drop packets that match the rule), `allow` (allow packets that match the rule to pass through the firewall)","description_kind":"plain","optional":true},"protocol":{"type":"string","description":"Specify the protocols to which the rule should be applied. One of: `any`, `icmp`, `tcp`, `udp`, `tcp\u0026udp`","description_kind":"plain","optional":true},"source_ip":{"type":"string","description":"Source IP address to which the rule applies. A value of `Any` matches any IP address.","description_kind":"plain","optional":true},"source_port":{"type":"string","description":"Source port to which this rule applies.","description_kind":"plain","optional":true},"source_vm_id":{"type":"string","description":"Source VM identifier","description_kind":"plain","optional":true},"source_vm_ip_type":{"type":"string","description":"The value can be one of: `assigned` - assigned internal IP will be automatically chosen. `NAT`: NATed external IP will be automatically chosen.","description_kind":"plain","optional":true},"source_vm_nic_id":{"type":"number","description":"Source VM NIC ID to which this rule applies.","description_kind":"plain","optional":true}},"description_kind":"plain"}}},"description_kind":"plain"}},"vcd_vapp_nat_rules":{"version":0,"block":{"attributes":{"enable_ip_masquerade":{"type":"bool","description":"When enabled translates a virtual machine's private, internal IP address to a public IP address for outbound traffic.","description_kind":"plain","optional":true},"enabled":{"type":"bool","description":"Enable or disable NAT service. Default is `true`.","description_kind":"plain","optional":true},"id":{"type":"string","description_kind":"plain","optional":true,"computed":true},"nat_type":{"type":"string","description":"One of: `ipTranslation` (use IP translation), `portForwarding` (use port forwarding).","description_kind":"plain","required":true},"network_id":{"type":"string","description":"vApp network identifier","description_kind":"plain","required":true},"org":{"type":"string","description":"The name of organization to use, optional if defined at provider level. Useful when connected as sysadmin working across different organizations","description_kind":"plain","optional":true},"vapp_id":{"type":"string","description":"vApp identifier","description_kind":"plain","required":true},"vdc":{"type":"string","description":"The name of VDC to use, optional if defined at provider level","description_kind":"plain","optional":true}},"block_types":{"rule":{"nesting_mode":"list","block":{"attributes":{"external_ip":{"type":"string","description":"External IP address to forward to or External IP address to map to VM","description_kind":"plain","optional":true,"computed":true},"external_port":{"type":"number","description":"External port to forward.","description_kind":"plain","optional":true},"forward_to_port":{"type":"number","description":"Internal port to forward.","description_kind":"plain","optional":true},"id":{"type":"string","description":"ID of the rule. Can be used to track syslog messages.","description_kind":"plain","computed":true},"mapping_mode":{"type":"string","description":"Mapping mode. One of: `automatic`, `manual`","description_kind":"plain","optional":true},"protocol":{"type":"string","description":"Protocol to forward. One of: `TCP` (forward TCP packets), `UDP` (forward UDP packets), `TCP_UDP` (forward TCP and UDP packets).","description_kind":"plain","optional":true},"vm_id":{"type":"string","description":"VM to which this rule applies.","description_kind":"plain","required":true},"vm_nic_id":{"type":"number","description":"VM NIC ID to which this rule applies.","description_kind":"plain","required":true}},"description_kind":"plain"}}},"description_kind":"plain"}},"vcd_vapp_network":{"version":0,"block":{"attributes":{"description":{"type":"string","description":"Optional description for the network","description_kind":"plain","optional":true},"dns1":{"type":"string","description":"Primary DNS server","description_kind":"plain","optional":true},"dns2":{"type":"string","description":"Secondary DNS server","description_kind":"plain","optional":true},"dns_suffix":{"type":"string","description":"DNS suffix","description_kind":"plain","optional":true},"gateway":{"type":"string","description":"Gateway of the network","description_kind":"plain","required":true},"guest_vlan_allowed":{"type":"bool","description":"True if Network allows guest VLAN tagging","description_kind":"plain","optional":true},"id":{"type":"string","description_kind":"plain","optional":true,"computed":true},"name":{"type":"string","description":"vApp network name","description_kind":"plain","required":true},"netmask":{"type":"string","description":"Netmask address for a subnet. Default is 255.255.255.0","description_kind":"plain","optional":true},"org":{"type":"string","description":"The name of organization to use, optional if defined at provider level. Useful when connected as sysadmin working across different organizations","description_kind":"plain","optional":true},"org_network_name":{"type":"string","description":"org network name to which vapp network is connected","description_kind":"plain","optional":true},"retain_ip_mac_enabled":{"type":"bool","description":"Specifies whether the network resources such as IP/MAC of router will be retained across deployments. Default is false.","description_kind":"plain","optional":true},"vapp_name":{"type":"string","description":"vApp to use","description_kind":"plain","required":true},"vdc":{"type":"string","description":"The name of VDC to use, optional if defined at provider level","description_kind":"plain","optional":true}},"block_types":{"dhcp_pool":{"nesting_mode":"set","block":{"attributes":{"default_lease_time":{"type":"number","description_kind":"plain","optional":true},"enabled":{"type":"bool","description_kind":"plain","optional":true},"end_address":{"type":"string","description_kind":"plain","optional":true},"max_lease_time":{"type":"number","description_kind":"plain","optional":true},"start_address":{"type":"string","description_kind":"plain","required":true}},"description":"A range of IPs to issue to virtual machines that don't have a static IP","description_kind":"plain"}},"static_ip_pool":{"nesting_mode":"set","block":{"attributes":{"end_address":{"type":"string","description_kind":"plain","required":true},"start_address":{"type":"string","description_kind":"plain","required":true}},"description":"A range of IPs permitted to be used as static IPs for virtual machines","description_kind":"plain"}}},"description_kind":"plain"}},"vcd_vapp_org_network":{"version":0,"block":{"attributes":{"id":{"type":"string","description_kind":"plain","optional":true,"computed":true},"is_fenced":{"type":"bool","description":"Fencing allows identical virtual machines in different vApp networks connect to organization VDC networks that are accessed in this vApp","description_kind":"plain","optional":true},"org":{"type":"string","description":"The name of organization to use, optional if defined at provider level. Useful when connected as sysadmin working across different organizations","description_kind":"plain","optional":true},"org_network_name":{"type":"string","description":"Organization network name to which vApp network is connected to","description_kind":"plain","required":true},"retain_ip_mac_enabled":{"type":"bool","description":"Specifies whether the network resources such as IP/MAC of router will be retained across deployments. Default is false.","description_kind":"plain","optional":true},"vapp_name":{"type":"string","description":"vApp network name","description_kind":"plain","required":true},"vdc":{"type":"string","description":"The name of VDC to use, optional if defined at provider level","description_kind":"plain","optional":true}},"description_kind":"plain"}},"vcd_vapp_static_routing":{"version":0,"block":{"attributes":{"enabled":{"type":"bool","description":"Enable or disable static Routing. Default is `true`.","description_kind":"plain","optional":true},"id":{"type":"string","description_kind":"plain","optional":true,"computed":true},"network_id":{"type":"string","description":"vApp network identifier","description_kind":"plain","required":true},"org":{"type":"string","description":"The name of organization to use, optional if defined at provider level. Useful when connected as sysadmin working across different organizations","description_kind":"plain","optional":true},"vapp_id":{"type":"string","description":"vApp identifier","description_kind":"plain","required":true},"vdc":{"type":"string","description":"The name of VDC to use, optional if defined at provider level","description_kind":"plain","optional":true}},"block_types":{"rule":{"nesting_mode":"list","block":{"attributes":{"name":{"type":"string","description":"Name for the static route.","description_kind":"plain","required":true},"network_cidr":{"type":"string","description":"network specification in CIDR.","description_kind":"plain","required":true},"next_hop_ip":{"type":"string","description":"IP Address of Next Hop router/gateway.","description_kind":"plain","required":true}},"description_kind":"plain"}}},"description_kind":"plain"}},"vcd_vapp_vm":{"version":0,"block":{"attributes":{"accept_all_eulas":{"type":"bool","description":"Automatically accept EULA if OVA has it","description_kind":"plain","optional":true},"boot_image":{"type":"string","description":"Media name to add as boot image.","description_kind":"plain","optional":true},"catalog_name":{"type":"string","description":"The catalog name in which to find the given vApp Template or media for boot_image","description_kind":"plain","optional":true},"computer_name":{"type":"string","description":"Computer name to assign to this virtual machine","description_kind":"plain","optional":true,"computed":true},"cpu_cores":{"type":"number","description":"The number of cores per socket","description_kind":"plain","optional":true,"computed":true},"cpu_hot_add_enabled":{"type":"bool","description":"True if the virtual machine supports addition of virtual CPUs while powered on.","description_kind":"plain","optional":true},"cpus":{"type":"number","description":"The number of virtual CPUs to allocate to the VM","description_kind":"plain","optional":true,"computed":true},"description":{"type":"string","description":"The VM description","description_kind":"plain","optional":true,"computed":true},"expose_hardware_virtualization":{"type":"bool","description":"Expose hardware-assisted CPU virtualization to guest OS.","description_kind":"plain","optional":true},"guest_properties":{"type":["map","string"],"description":"Key/value settings for guest properties","description_kind":"plain","optional":true},"hardware_version":{"type":"string","description":"Virtual Hardware Version (e.g.`vmx-14`, `vmx-13`, `vmx-12`, etc.)","description_kind":"plain","optional":true,"computed":true},"href":{"type":"string","description":"VM Hyper Reference","description_kind":"plain","optional":true,"computed":true},"id":{"type":"string","description_kind":"plain","optional":true,"computed":true},"internal_disk":{"type":["list",["object",{"bus_number":"number","bus_type":"string","disk_id":"string","iops":"number","size_in_mb":"number","storage_profile":"string","thin_provisioned":"bool","unit_number":"number"}]],"description":"A block will show internal disk details","description_kind":"plain","computed":true},"memory":{"type":"number","description":"The amount of RAM (in MB) to allocate to the VM","description_kind":"plain","optional":true,"computed":true},"memory_hot_add_enabled":{"type":"bool","description":"True if the virtual machine supports addition of memory while powered on.","description_kind":"plain","optional":true},"metadata":{"type":["map","string"],"description":"Key value map of metadata to assign to this VM","description_kind":"plain","optional":true},"name":{"type":"string","description":"A name for the VM, unique within the vApp","description_kind":"plain","required":true},"network_dhcp_wait_seconds":{"type":"number","description":"Optional number of seconds to try and wait for DHCP IP (valid for 'network' block only)","description_kind":"plain","optional":true},"org":{"type":"string","description":"The name of organization to use, optional if defined at provider level. Useful when connected as sysadmin working across different organizations","description_kind":"plain","optional":true},"os_type":{"type":"string","description":"Operating System type. Possible values can be found in documentation.","description_kind":"plain","optional":true,"computed":true},"power_on":{"type":"bool","description":"A boolean value stating if this VM should be powered on","description_kind":"plain","optional":true},"prevent_update_power_off":{"type":"bool","description":"True if the update of resource should fail when virtual machine power off needed.","description_kind":"plain","optional":true},"sizing_policy_id":{"type":"string","description":"VM sizing policy ID. Has to be assigned to Org VDC.","description_kind":"plain","optional":true,"computed":true},"storage_profile":{"type":"string","description":"Storage profile to override the default one","description_kind":"plain","optional":true,"computed":true},"template_name":{"type":"string","description":"The name of the vApp Template to use","description_kind":"plain","optional":true},"vapp_name":{"type":"string","description":"The vApp this VM belongs to - Required, unless it is a standalone VM","description_kind":"plain","required":true},"vdc":{"type":"string","description":"The name of VDC to use, optional if defined at provider level","description_kind":"plain","optional":true},"vm_name_in_template":{"type":"string","description":"The name of the VM in vApp Template to use. In cases when vApp template has more than one VM","description_kind":"plain","optional":true},"vm_type":{"type":"string","description":"Type of VM: either 'vcd_vapp_vm' or 'vcd_vm'","description_kind":"plain","computed":true}},"block_types":{"customization":{"nesting_mode":"list","block":{"attributes":{"admin_password":{"type":"string","description":"Manually specify admin password","description_kind":"plain","optional":true,"computed":true,"sensitive":true},"allow_local_admin_password":{"type":"bool","description":"Allow local administrator password","description_kind":"plain","optional":true,"computed":true},"auto_generate_password":{"type":"bool","description":"Auto generate password","description_kind":"plain","optional":true,"computed":true},"change_sid":{"type":"bool","description":"'true' value will change SID. Applicable only for Windows VMs","description_kind":"plain","optional":true,"computed":true},"enabled":{"type":"bool","description":"'true' value will enable guest customization. It may occur on first boot or when 'force' is used","description_kind":"plain","optional":true,"computed":true},"force":{"type":"bool","description":"'true' value will cause the VM to reboot on every 'apply' operation","description_kind":"plain","optional":true},"initscript":{"type":"string","description":"Script to run on initial boot or with customization.force=true set","description_kind":"plain","optional":true,"computed":true},"join_domain":{"type":"bool","description":"Enable this VM to join a domain","description_kind":"plain","optional":true,"computed":true},"join_domain_account_ou":{"type":"string","description":"Account organizational unit for domain name join","description_kind":"plain","optional":true,"computed":true},"join_domain_name":{"type":"string","description":"Custom domain name for join","description_kind":"plain","optional":true,"computed":true},"join_domain_password":{"type":"string","description":"Password for custom domain name join","description_kind":"plain","optional":true,"computed":true,"sensitive":true},"join_domain_user":{"type":"string","description":"Username for custom domain name join","description_kind":"plain","optional":true,"computed":true},"join_org_domain":{"type":"bool","description":"Use organization's domain for joining","description_kind":"plain","optional":true,"computed":true},"must_change_password_on_first_login":{"type":"bool","description":"Require Administrator to change password on first login","description_kind":"plain","optional":true,"computed":true},"number_of_auto_logons":{"type":"number","description":"Number of times to log on automatically. '0' - disabled.","description_kind":"plain","optional":true,"computed":true}},"description":"Guest customization block","description_kind":"plain"},"max_items":1},"disk":{"nesting_mode":"set","block":{"attributes":{"bus_number":{"type":"string","description":"Bus number on which to place the disk controller","description_kind":"plain","required":true},"name":{"type":"string","description":"Independent disk name","description_kind":"plain","required":true},"size_in_mb":{"type":"number","description":"The size of the disk in MB.","description_kind":"plain","computed":true},"unit_number":{"type":"string","description":"Unit number (slot) on the bus specified by BusNumber","description_kind":"plain","required":true}},"description_kind":"plain"}},"network":{"nesting_mode":"list","block":{"attributes":{"adapter_type":{"type":"string","description":"Network card adapter type. (e.g. 'E1000', 'E1000E', 'SRIOVETHERNETCARD', 'VMXNET3', 'PCNet32')","description_kind":"plain","optional":true,"computed":true},"connected":{"type":"bool","description":"It defines if NIC is connected or not.","description_kind":"plain","optional":true},"ip":{"type":"string","description":"IP of the VM. Settings depend on `ip_allocation_mode`. Omitted or empty for DHCP, POOL, NONE. Required for MANUAL","description_kind":"plain","optional":true,"computed":true},"ip_allocation_mode":{"type":"string","description":"IP address allocation mode. One of POOL, DHCP, MANUAL, NONE","description_kind":"plain","optional":true},"is_primary":{"type":"bool","description":"Set to true if network interface should be primary. First network card in the list will be primary by default","description_kind":"plain","optional":true,"computed":true},"mac":{"type":"string","description":"Mac address of network interface","description_kind":"plain","optional":true,"computed":true},"name":{"type":"string","description":"Name of the network this VM should connect to. Always required except for `type` `NONE`","description_kind":"plain","optional":true},"type":{"type":"string","description":"Network type to use: 'vapp', 'org' or 'none'. Use 'vapp' for vApp network, 'org' to attach Org VDC network. 'none' for empty NIC.","description_kind":"plain","required":true}},"description":" A block to define network interface. Multiple can be used.","description_kind":"plain"}},"override_template_disk":{"nesting_mode":"set","block":{"attributes":{"bus_number":{"type":"number","description":"The number of the SCSI or IDE controller itself.","description_kind":"plain","required":true},"bus_type":{"type":"string","description":"The type of disk controller. Possible values: ide, parallel( LSI Logic Parallel SCSI), sas(LSI Logic SAS (SCSI)), paravirtual(Paravirtual (SCSI)), sata","description_kind":"plain","required":true},"iops":{"type":"number","description":"Specifies the IOPS for the disk. Default is 0.","description_kind":"plain","optional":true},"size_in_mb":{"type":"number","description":"The size of the disk in MB.","description_kind":"plain","required":true},"storage_profile":{"type":"string","description":"Storage profile to override the VM default one","description_kind":"plain","optional":true},"unit_number":{"type":"number","description":"The device number on the SCSI or IDE controller of the disk.","description_kind":"plain","required":true}},"description":"A block to match internal_disk interface in template. Multiple can be used. Disk will be matched by bus_type, bus_number and unit_number.","description_kind":"plain"}}},"description_kind":"plain"}},"vcd_vm":{"version":0,"block":{"attributes":{"accept_all_eulas":{"type":"bool","description":"Automatically accept EULA if OVA has it","description_kind":"plain","optional":true},"boot_image":{"type":"string","description":"Media name to add as boot image.","description_kind":"plain","optional":true},"catalog_name":{"type":"string","description":"The catalog name in which to find the given vApp Template or media for boot_image","description_kind":"plain","optional":true},"computer_name":{"type":"string","description":"Computer name to assign to this virtual machine","description_kind":"plain","optional":true,"computed":true},"cpu_cores":{"type":"number","description":"The number of cores per socket","description_kind":"plain","optional":true,"computed":true},"cpu_hot_add_enabled":{"type":"bool","description":"True if the virtual machine supports addition of virtual CPUs while powered on.","description_kind":"plain","optional":true},"cpus":{"type":"number","description":"The number of virtual CPUs to allocate to the VM","description_kind":"plain","optional":true,"computed":true},"description":{"type":"string","description":"The VM description","description_kind":"plain","optional":true,"computed":true},"expose_hardware_virtualization":{"type":"bool","description":"Expose hardware-assisted CPU virtualization to guest OS.","description_kind":"plain","optional":true},"guest_properties":{"type":["map","string"],"description":"Key/value settings for guest properties","description_kind":"plain","optional":true},"hardware_version":{"type":"string","description":"Virtual Hardware Version (e.g.`vmx-14`, `vmx-13`, `vmx-12`, etc.)","description_kind":"plain","optional":true,"computed":true},"href":{"type":"string","description":"VM Hyper Reference","description_kind":"plain","optional":true,"computed":true},"id":{"type":"string","description_kind":"plain","optional":true,"computed":true},"internal_disk":{"type":["list",["object",{"bus_number":"number","bus_type":"string","disk_id":"string","iops":"number","size_in_mb":"number","storage_profile":"string","thin_provisioned":"bool","unit_number":"number"}]],"description":"A block will show internal disk details","description_kind":"plain","computed":true},"memory":{"type":"number","description":"The amount of RAM (in MB) to allocate to the VM","description_kind":"plain","optional":true,"computed":true},"memory_hot_add_enabled":{"type":"bool","description":"True if the virtual machine supports addition of memory while powered on.","description_kind":"plain","optional":true},"metadata":{"type":["map","string"],"description":"Key value map of metadata to assign to this VM","description_kind":"plain","optional":true},"name":{"type":"string","description":"A name for the VM, unique within the vApp","description_kind":"plain","required":true},"network_dhcp_wait_seconds":{"type":"number","description":"Optional number of seconds to try and wait for DHCP IP (valid for 'network' block only)","description_kind":"plain","optional":true},"org":{"type":"string","description":"The name of organization to use, optional if defined at provider level. Useful when connected as sysadmin working across different organizations","description_kind":"plain","optional":true},"os_type":{"type":"string","description":"Operating System type. Possible values can be found in documentation.","description_kind":"plain","optional":true,"computed":true},"power_on":{"type":"bool","description":"A boolean value stating if this VM should be powered on","description_kind":"plain","optional":true},"prevent_update_power_off":{"type":"bool","description":"True if the update of resource should fail when virtual machine power off needed.","description_kind":"plain","optional":true},"sizing_policy_id":{"type":"string","description":"VM sizing policy ID. Has to be assigned to Org VDC.","description_kind":"plain","optional":true,"computed":true},"storage_profile":{"type":"string","description":"Storage profile to override the default one","description_kind":"plain","optional":true,"computed":true},"template_name":{"type":"string","description":"The name of the vApp Template to use","description_kind":"plain","optional":true},"vapp_name":{"type":"string","description":"The vApp this VM belongs to - Required, unless it is a standalone VM","description_kind":"plain","optional":true,"computed":true},"vdc":{"type":"string","description":"The name of VDC to use, optional if defined at provider level","description_kind":"plain","optional":true},"vm_name_in_template":{"type":"string","description":"The name of the VM in vApp Template to use. In cases when vApp template has more than one VM","description_kind":"plain","optional":true},"vm_type":{"type":"string","description":"Type of VM: either 'vcd_vapp_vm' or 'vcd_vm'","description_kind":"plain","computed":true}},"block_types":{"customization":{"nesting_mode":"list","block":{"attributes":{"admin_password":{"type":"string","description":"Manually specify admin password","description_kind":"plain","optional":true,"computed":true,"sensitive":true},"allow_local_admin_password":{"type":"bool","description":"Allow local administrator password","description_kind":"plain","optional":true,"computed":true},"auto_generate_password":{"type":"bool","description":"Auto generate password","description_kind":"plain","optional":true,"computed":true},"change_sid":{"type":"bool","description":"'true' value will change SID. Applicable only for Windows VMs","description_kind":"plain","optional":true,"computed":true},"enabled":{"type":"bool","description":"'true' value will enable guest customization. It may occur on first boot or when 'force' is used","description_kind":"plain","optional":true,"computed":true},"force":{"type":"bool","description":"'true' value will cause the VM to reboot on every 'apply' operation","description_kind":"plain","optional":true},"initscript":{"type":"string","description":"Script to run on initial boot or with customization.force=true set","description_kind":"plain","optional":true,"computed":true},"join_domain":{"type":"bool","description":"Enable this VM to join a domain","description_kind":"plain","optional":true,"computed":true},"join_domain_account_ou":{"type":"string","description":"Account organizational unit for domain name join","description_kind":"plain","optional":true,"computed":true},"join_domain_name":{"type":"string","description":"Custom domain name for join","description_kind":"plain","optional":true,"computed":true},"join_domain_password":{"type":"string","description":"Password for custom domain name join","description_kind":"plain","optional":true,"computed":true,"sensitive":true},"join_domain_user":{"type":"string","description":"Username for custom domain name join","description_kind":"plain","optional":true,"computed":true},"join_org_domain":{"type":"bool","description":"Use organization's domain for joining","description_kind":"plain","optional":true,"computed":true},"must_change_password_on_first_login":{"type":"bool","description":"Require Administrator to change password on first login","description_kind":"plain","optional":true,"computed":true},"number_of_auto_logons":{"type":"number","description":"Number of times to log on automatically. '0' - disabled.","description_kind":"plain","optional":true,"computed":true}},"description":"Guest customization block","description_kind":"plain"},"max_items":1},"disk":{"nesting_mode":"set","block":{"attributes":{"bus_number":{"type":"string","description":"Bus number on which to place the disk controller","description_kind":"plain","required":true},"name":{"type":"string","description":"Independent disk name","description_kind":"plain","required":true},"size_in_mb":{"type":"number","description":"The size of the disk in MB.","description_kind":"plain","computed":true},"unit_number":{"type":"string","description":"Unit number (slot) on the bus specified by BusNumber","description_kind":"plain","required":true}},"description_kind":"plain"}},"network":{"nesting_mode":"list","block":{"attributes":{"adapter_type":{"type":"string","description":"Network card adapter type. (e.g. 'E1000', 'E1000E', 'SRIOVETHERNETCARD', 'VMXNET3', 'PCNet32')","description_kind":"plain","optional":true,"computed":true},"connected":{"type":"bool","description":"It defines if NIC is connected or not.","description_kind":"plain","optional":true},"ip":{"type":"string","description":"IP of the VM. Settings depend on `ip_allocation_mode`. Omitted or empty for DHCP, POOL, NONE. Required for MANUAL","description_kind":"plain","optional":true,"computed":true},"ip_allocation_mode":{"type":"string","description":"IP address allocation mode. One of POOL, DHCP, MANUAL, NONE","description_kind":"plain","optional":true},"is_primary":{"type":"bool","description":"Set to true if network interface should be primary. First network card in the list will be primary by default","description_kind":"plain","optional":true,"computed":true},"mac":{"type":"string","description":"Mac address of network interface","description_kind":"plain","optional":true,"computed":true},"name":{"type":"string","description":"Name of the network this VM should connect to. Always required except for `type` `NONE`","description_kind":"plain","optional":true},"type":{"type":"string","description":"Network type to use: 'vapp', 'org' or 'none'. Use 'vapp' for vApp network, 'org' to attach Org VDC network. 'none' for empty NIC.","description_kind":"plain","required":true}},"description":" A block to define network interface. Multiple can be used.","description_kind":"plain"}},"override_template_disk":{"nesting_mode":"set","block":{"attributes":{"bus_number":{"type":"number","description":"The number of the SCSI or IDE controller itself.","description_kind":"plain","required":true},"bus_type":{"type":"string","description":"The type of disk controller. Possible values: ide, parallel( LSI Logic Parallel SCSI), sas(LSI Logic SAS (SCSI)), paravirtual(Paravirtual (SCSI)), sata","description_kind":"plain","required":true},"iops":{"type":"number","description":"Specifies the IOPS for the disk. Default is 0.","description_kind":"plain","optional":true},"size_in_mb":{"type":"number","description":"The size of the disk in MB.","description_kind":"plain","required":true},"storage_profile":{"type":"string","description":"Storage profile to override the VM default one","description_kind":"plain","optional":true},"unit_number":{"type":"number","description":"The device number on the SCSI or IDE controller of the disk.","description_kind":"plain","required":true}},"description":"A block to match internal_disk interface in template. Multiple can be used. Disk will be matched by bus_type, bus_number and unit_number.","description_kind":"plain"}}},"description":"Standalone VM","description_kind":"plain"}},"vcd_vm_affinity_rule":{"version":0,"block":{"attributes":{"enabled":{"type":"bool","description":"True if this affinity rule is enabled","description_kind":"plain","optional":true},"id":{"type":"string","description_kind":"plain","optional":true,"computed":true},"name":{"type":"string","description":"VM affinity rule name","description_kind":"plain","required":true},"org":{"type":"string","description":"The name of organization to use, optional if defined at provider level. Useful when connected as sysadmin working across different organizations","description_kind":"plain","optional":true},"polarity":{"type":"string","description":"One of 'Affinity', 'Anti-Affinity'","description_kind":"plain","required":true},"required":{"type":"bool","description":"True if this affinity rule is required. When a rule is mandatory, a host failover will not power on the VM if doing so would violate the rule","description_kind":"plain","optional":true},"vdc":{"type":"string","description":"The name of VDC to use, optional if defined at provider level","description_kind":"plain","optional":true},"vm_ids":{"type":["set","string"],"description":"Set of VM IDs assigned to this rule","description_kind":"plain","required":true}},"description_kind":"plain"}},"vcd_vm_internal_disk":{"version":0,"block":{"attributes":{"allow_vm_reboot":{"type":"bool","description":"Powers off VM when changing any attribute of an IDE disk or unit/bus number of other disk types, after the change is complete VM is powered back on. Without this setting enabled, such changes on a powered-on VM would fail.","description_kind":"plain","optional":true},"bus_number":{"type":"number","description":"The number of the SCSI or IDE controller itself.","description_kind":"plain","required":true},"bus_type":{"type":"string","description":"The type of disk controller. Possible values: ide, parallel( LSI Logic Parallel SCSI), sas(LSI Logic SAS (SCSI)), paravirtual(Paravirtual (SCSI)), sata","description_kind":"plain","required":true},"id":{"type":"string","description_kind":"plain","optional":true,"computed":true},"iops":{"type":"number","description":"Specifies the IOPS for the disk.","description_kind":"plain","optional":true,"computed":true},"org":{"type":"string","description":"The name of organization to use, optional if defined at provider level. Useful when connected as sysadmin working across different organizations","description_kind":"plain","optional":true},"size_in_mb":{"type":"number","description":"The size of the disk in MB.","description_kind":"plain","required":true},"storage_profile":{"type":"string","description":"Storage profile to override the VM default one","description_kind":"plain","optional":true,"computed":true},"thin_provisioned":{"type":"bool","description":"Specifies whether the disk storage is pre-allocated or allocated on demand.","description_kind":"plain","computed":true},"unit_number":{"type":"number","description":"The device number on the SCSI or IDE controller of the disk.","description_kind":"plain","required":true},"vapp_name":{"type":"string","description":"The vApp this VM internal disk belongs to","description_kind":"plain","required":true},"vdc":{"type":"string","description":"The name of VDC to use, optional if defined at provider level","description_kind":"plain","optional":true},"vm_name":{"type":"string","description":"VM in vApp in which internal disk is created","description_kind":"plain","required":true}},"description_kind":"plain"}},"vcd_vm_sizing_policy":{"version":0,"block":{"attributes":{"description":{"type":"string","description_kind":"plain","optional":true},"id":{"type":"string","description_kind":"plain","optional":true,"computed":true},"name":{"type":"string","description_kind":"plain","required":true},"org":{"type":"string","description":"The name of organization to use, optional if defined at provider level. Useful when connected as sysadmin working across different organizations","description_kind":"plain","optional":true}},"block_types":{"cpu":{"nesting_mode":"list","block":{"attributes":{"cores_per_socket":{"type":"string","description":"The number of cores per socket for a VM. This is a VM hardware configuration. The number of vCPUs that is defined in the VM sizing policy must be divisible by the number of cores per socket. If the number of vCPUs is not divisible by the number of cores per socket, the number of cores per socket becomes invalid.","description_kind":"plain","optional":true},"count":{"type":"string","description":"Defines the number of vCPUs configured for a VM. This is a VM hardware configuration. When a tenant assigns the VM sizing policy to a VM, this count becomes the configured number of vCPUs for the VM.","description_kind":"plain","optional":true},"limit_in_mhz":{"type":"string","description":"Defines the CPU limit in MHz for a VM. If not defined in the VDC compute policy, CPU limit is equal to the vCPU speed multiplied by the number of vCPUs.","description_kind":"plain","optional":true},"reservation_guarantee":{"type":"string","description":"Defines how much of the CPU resources of a VM are reserved. The allocated CPU for a VM equals the number of vCPUs times the vCPU speed in MHz. The value of the attribute ranges between 0 and one. Value of 0 CPU reservation guarantee defines no CPU reservation. Value of 1 defines 100% of CPU reserved.","description_kind":"plain","optional":true},"shares":{"type":"string","description":"Defines the number of CPU shares for a VM. Shares specify the relative importance of a VM within a virtual data center. If a VM has twice as many shares of CPU as another VM, it is entitled to consume twice as much CPU when these two virtual machines are competing for resources. If not defined in the VDC compute policy, normal shares are applied to the VM.","description_kind":"plain","optional":true},"speed_in_mhz":{"type":"string","description":"Defines the vCPU speed of a core in MHz.","description_kind":"plain","optional":true}},"description_kind":"plain"},"max_items":1},"memory":{"nesting_mode":"list","block":{"attributes":{"limit_in_mb":{"type":"string","description":"Defines the memory limit in MB for a VM. If not defined in the VM sizing policy, memory limit is equal to the allocated memory for the VM.","description_kind":"plain","optional":true},"reservation_guarantee":{"type":"string","description":"Defines the reserved amount of memory that is configured for a VM. The value of the attribute ranges between 0 and one. Value of 0 memory reservation guarantee defines no memory reservation. Value of 1 defines 100% of memory reserved.","description_kind":"plain","optional":true},"shares":{"type":"string","description":"Defines the number of memory shares for a VM. Shares specify the relative importance of a VM within a virtual data center. If a VM has twice as many shares of memory as another VM, it is entitled to consume twice as much memory when these two virtual machines are competing for resources. If not defined in the VDC compute policy, normal shares are applied to the VM.","description_kind":"plain","optional":true},"size_in_mb":{"type":"string","description":"Defines the memory configured for a VM in MB. This is a VM hardware configuration. When a tenant assigns the VM sizing policy to a VM, the VM receives the amount of memory defined by this attribute.","description_kind":"plain","optional":true}},"description_kind":"plain"},"max_items":1}},"description_kind":"plain"}}},"data_source_schemas":{"vcd_catalog":{"version":0,"block":{"attributes":{"created":{"type":"string","description":"Time stamp of when the catalog was created","description_kind":"plain","computed":true},"description":{"type":"string","description_kind":"plain","optional":true,"computed":true},"id":{"type":"string","description_kind":"plain","optional":true,"computed":true},"name":{"type":"string","description":"Name of the catalog. (Optional if 'filter' is used)","description_kind":"plain","optional":true},"org":{"type":"string","description":"The name of organization to use, optional if defined at provider level. Useful when connected as sysadmin working across different organizations","description_kind":"plain","required":true},"storage_profile_id":{"type":"string","description":"Storage profile ID","description_kind":"plain","computed":true}},"block_types":{"filter":{"nesting_mode":"list","block":{"attributes":{"date":{"type":"string","description":"Search by date comparison ({\u003e|\u003e=|\u003c|\u003c=|==} yyyy-mm-dd[ hh[:mm[:ss]]])","description_kind":"plain","optional":true},"earliest":{"type":"bool","description":"Retrieves the oldest item","description_kind":"plain","optional":true},"latest":{"type":"bool","description":"Retrieves the newest item","description_kind":"plain","optional":true},"name_regex":{"type":"string","description":"Search by name with a regular expression","description_kind":"plain","optional":true}},"block_types":{"metadata":{"nesting_mode":"list","block":{"attributes":{"is_system":{"type":"bool","description":"True if is a metadata@SYSTEM key","description_kind":"plain","optional":true},"key":{"type":"string","description":"Metadata key (field name)","description_kind":"plain","required":true},"type":{"type":"string","description":"Type of metadata value (needed only if \"use_api_search\" is true)","description_kind":"plain","optional":true},"use_api_search":{"type":"bool","description":"If true, will search the vCD using native metadata query (without regular expressions)","description_kind":"plain","optional":true},"value":{"type":"string","description":"Metadata value (can be a regular expression if \"use_api_search\" is false)","description_kind":"plain","required":true}},"description":"metadata filter","description_kind":"plain"}}},"description":"Criteria for retrieving a catalog by various attributes","description_kind":"plain"},"max_items":1}},"description_kind":"plain"}},"vcd_catalog_item":{"version":0,"block":{"attributes":{"catalog":{"type":"string","description":"catalog containing the item","description_kind":"plain","required":true},"created":{"type":"string","description":"Time stamp of when the item was created","description_kind":"plain","computed":true},"description":{"type":"string","description_kind":"plain","computed":true},"id":{"type":"string","description_kind":"plain","optional":true,"computed":true},"metadata":{"type":["map","string"],"description":"Key and value pairs for catalog item metadata","description_kind":"plain","computed":true},"name":{"type":"string","description":"Name of the item. It is optional when a filter is provided","description_kind":"plain","optional":true},"org":{"type":"string","description":"The name of organization to use, optional if defined at provider level. Useful when connected as sysadmin working across different organizations","description_kind":"plain","optional":true}},"block_types":{"filter":{"nesting_mode":"list","block":{"attributes":{"date":{"type":"string","description":"Search by date comparison ({\u003e|\u003e=|\u003c|\u003c=|==} yyyy-mm-dd[ hh[:mm[:ss]]])","description_kind":"plain","optional":true},"earliest":{"type":"bool","description":"Retrieves the oldest item","description_kind":"plain","optional":true},"latest":{"type":"bool","description":"Retrieves the newest item","description_kind":"plain","optional":true},"name_regex":{"type":"string","description":"Search by name with a regular expression","description_kind":"plain","optional":true}},"block_types":{"metadata":{"nesting_mode":"list","block":{"attributes":{"is_system":{"type":"bool","description":"True if is a metadata@SYSTEM key","description_kind":"plain","optional":true},"key":{"type":"string","description":"Metadata key (field name)","description_kind":"plain","required":true},"type":{"type":"string","description":"Type of metadata value (needed only if \"use_api_search\" is true)","description_kind":"plain","optional":true},"use_api_search":{"type":"bool","description":"If true, will search the vCD using native metadata query (without regular expressions)","description_kind":"plain","optional":true},"value":{"type":"string","description":"Metadata value (can be a regular expression if \"use_api_search\" is false)","description_kind":"plain","required":true}},"description":"metadata filter","description_kind":"plain"}}},"description":"Criteria for retrieving a catalog item by various attributes","description_kind":"plain"},"max_items":1}},"description_kind":"plain"}},"vcd_catalog_media":{"version":0,"block":{"attributes":{"catalog":{"type":"string","description":"catalog name where upload the Media file","description_kind":"plain","required":true},"creation_date":{"type":"string","description":"Creation date","description_kind":"plain","computed":true},"description":{"type":"string","description_kind":"plain","computed":true},"id":{"type":"string","description_kind":"plain","optional":true,"computed":true},"is_iso":{"type":"bool","description":"True if this media file is ISO","description_kind":"plain","computed":true},"is_published":{"type":"bool","description":"True if this media file is in a published catalog","description_kind":"plain","computed":true},"metadata":{"type":["map","string"],"description":"Key and value pairs for catalog item metadata","description_kind":"plain","computed":true},"name":{"type":"string","description":"media name (Optional when 'filter' is used)","description_kind":"plain","optional":true},"org":{"type":"string","description":"The name of organization to use, optional if defined at provider level. Useful when connected as sysadmin working across different organizations","description_kind":"plain","optional":true},"owner_name":{"type":"string","description":"Owner name","description_kind":"plain","computed":true},"size":{"type":"number","description":"Media storage in Bytes","description_kind":"plain","computed":true},"status":{"type":"string","description":"Media status","description_kind":"plain","computed":true},"storage_profile_name":{"type":"string","description":"Storage profile name","description_kind":"plain","computed":true}},"block_types":{"filter":{"nesting_mode":"list","block":{"attributes":{"date":{"type":"string","description":"Search by date comparison ({\u003e|\u003e=|\u003c|\u003c=|==} yyyy-mm-dd[ hh[:mm[:ss]]])","description_kind":"plain","optional":true},"earliest":{"type":"bool","description":"Retrieves the oldest item","description_kind":"plain","optional":true},"latest":{"type":"bool","description":"Retrieves the newest item","description_kind":"plain","optional":true},"name_regex":{"type":"string","description":"Search by name with a regular expression","description_kind":"plain","optional":true}},"block_types":{"metadata":{"nesting_mode":"list","block":{"attributes":{"is_system":{"type":"bool","description":"True if is a metadata@SYSTEM key","description_kind":"plain","optional":true},"key":{"type":"string","description":"Metadata key (field name)","description_kind":"plain","required":true},"type":{"type":"string","description":"Type of metadata value (needed only if \"use_api_search\" is true)","description_kind":"plain","optional":true},"use_api_search":{"type":"bool","description":"If true, will search the vCD using native metadata query (without regular expressions)","description_kind":"plain","optional":true},"value":{"type":"string","description":"Metadata value (can be a regular expression if \"use_api_search\" is false)","description_kind":"plain","required":true}},"description":"metadata filter","description_kind":"plain"}}},"description":"Criteria for retrieving a catalog media by various attributes","description_kind":"plain"},"max_items":1}},"description_kind":"plain"}},"vcd_edgegateway":{"version":0,"block":{"attributes":{"configuration":{"type":"string","description":"Configuration of the vShield edge VM for this gateway. One of: compact, full (\"Large\"), full4 (\"Quad Large\"), x-large","description_kind":"plain","computed":true},"default_external_network_ip":{"type":"string","description":"IP address of edge gateway interface which is used as default.","description_kind":"plain","computed":true},"description":{"type":"string","description_kind":"plain","computed":true},"distributed_routing":{"type":"bool","description":"Enable distributed routing","description_kind":"plain","computed":true},"external_network":{"type":["set",["object",{"enable_rate_limit":"bool","incoming_rate_limit":"number","name":"string","outgoing_rate_limit":"number","subnet":["set",["object",{"gateway":"string","ip_address":"string","netmask":"string","suballocate_pool":["set",["object",{"end_address":"string","start_address":"string"}]],"use_for_default_route":"bool"}]]}]],"description":"One or more blocks with external network information to be attached to this gateway's interface","description_kind":"plain","computed":true},"external_network_ips":{"type":["list","string"],"description":"List of IP addresses set on edge gateway external network interfaces","description_kind":"plain","computed":true},"fips_mode_enabled":{"type":"bool","description":"Enable FIPS mode. FIPS mode turns on the cipher suites that comply with FIPS. (False by default)","description_kind":"plain","computed":true},"fw_default_rule_action":{"type":"string","description":"'accept' or 'deny'. Default 'deny'","description_kind":"plain","computed":true},"fw_default_rule_logging_enabled":{"type":"bool","description":"Enable logging for default rule. Default 'false'","description_kind":"plain","computed":true},"fw_enabled":{"type":"bool","description":"Enable firewall. Default 'true'","description_kind":"plain","computed":true},"ha_enabled":{"type":"bool","description":"Enable high availability on this edge gateway","description_kind":"plain","computed":true},"id":{"type":"string","description_kind":"plain","optional":true,"computed":true},"lb_acceleration_enabled":{"type":"bool","description":"Enable load balancer acceleration. (Disabled by default)","description_kind":"plain","computed":true},"lb_enabled":{"type":"bool","description":"Enable load balancing. (Disabled by default)","description_kind":"plain","computed":true},"lb_logging_enabled":{"type":"bool","description":"Enable load balancer logging. (Disabled by default)","description_kind":"plain","computed":true},"lb_loglevel":{"type":"string","description":"Log level. One of 'emergency', 'alert', 'critical', 'error', 'warning', 'notice', 'info', 'debug'. ('info' by default)","description_kind":"plain","computed":true},"name":{"type":"string","description":"name of the edge gateway. (Optional when 'filter' is used)","description_kind":"plain","optional":true},"org":{"type":"string","description_kind":"plain","optional":true},"use_default_route_for_dns_relay":{"type":"bool","description":"If true, default gateway will be used for the edge gateways' default routing and DNS forwarding.(False by default)","description_kind":"plain","computed":true},"vdc":{"type":"string","description_kind":"plain","optional":true}},"block_types":{"filter":{"nesting_mode":"list","block":{"attributes":{"name_regex":{"type":"string","description":"Search by name with a regular expression","description_kind":"plain","optional":true}},"description":"Criteria for retrieving an edge gateway by various attributes","description_kind":"plain"},"max_items":1}},"description_kind":"plain"}},"vcd_external_network":{"version":0,"block":{"attributes":{"description":{"type":"string","description_kind":"plain","computed":true},"id":{"type":"string","description_kind":"plain","optional":true,"computed":true},"ip_scope":{"type":["list",["object",{"dns1":"string","dns2":"string","dns_suffix":"string","gateway":"string","netmask":"string","static_ip_pool":["list",["object",{"end_address":"string","start_address":"string"}]]}]],"description":"A list of IP scopes for the network","description_kind":"plain","computed":true},"name":{"type":"string","description_kind":"plain","required":true},"retain_net_info_across_deployments":{"type":"bool","description":"Specifies whether the network resources such as IP/MAC of router will be retained across deployments. Default is false.","description_kind":"plain","computed":true},"vsphere_network":{"type":["list",["object",{"name":"string","type":"string","vcenter":"string"}]],"description":"A list of port groups that back this network. Each referenced DV_PORTGROUP or NETWORK must exist on a vCenter server registered with the system.","description_kind":"plain","computed":true}},"description_kind":"plain"}},"vcd_external_network_v2":{"version":0,"block":{"attributes":{"description":{"type":"string","description_kind":"plain","computed":true},"id":{"type":"string","description_kind":"plain","optional":true,"computed":true},"ip_scope":{"type":["set",["object",{"dns1":"string","dns2":"string","dns_suffix":"string","enabled":"bool","gateway":"string","prefix_length":"number","static_ip_pool":["set",["object",{"end_address":"string","start_address":"string"}]]}]],"description":"A set of IP scopes for the network","description_kind":"plain","computed":true},"name":{"type":"string","description_kind":"plain","required":true},"nsxt_network":{"type":["set",["object",{"nsxt_manager_id":"string","nsxt_segment_name":"string","nsxt_tier0_router_id":"string"}]],"description_kind":"plain","computed":true},"vsphere_network":{"type":["set",["object",{"portgroup_id":"string","vcenter_id":"string"}]],"description":"A list of port groups that back this network. Each referenced DV_PORTGROUP or NETWORK must exist on a vCenter server registered with the system.","description_kind":"plain","computed":true}},"description_kind":"plain"}},"vcd_global_role":{"version":0,"block":{"attributes":{"bundle_key":{"type":"string","description":"Key used for internationalization","description_kind":"plain","computed":true},"description":{"type":"string","description":"Global role description","description_kind":"plain","computed":true},"id":{"type":"string","description_kind":"plain","optional":true,"computed":true},"name":{"type":"string","description":"Name of global role.","description_kind":"plain","required":true},"publish_to_all_tenants":{"type":"bool","description":"When true, publishes the global role to all tenants","description_kind":"plain","computed":true},"read_only":{"type":"bool","description":"Whether this global role is read-only","description_kind":"plain","computed":true},"rights":{"type":["set","string"],"description":"list of rights assigned to this global role","description_kind":"plain","computed":true},"tenants":{"type":["set","string"],"description":"list of tenants to which this global role is published","description_kind":"plain","computed":true}},"description_kind":"plain"}},"vcd_independent_disk":{"version":0,"block":{"attributes":{"bus_sub_type":{"type":"string","description_kind":"plain","computed":true},"bus_type":{"type":"string","description_kind":"plain","computed":true},"datastore_name":{"type":"string","description":"Datastore name","description_kind":"plain","computed":true},"description":{"type":"string","description":"independent disk description","description_kind":"plain","computed":true},"id":{"type":"string","description_kind":"plain","optional":true},"iops":{"type":"number","description":"IOPS request for the created disk","description_kind":"plain","computed":true},"is_attached":{"type":"bool","description":"True if the disk is already attached","description_kind":"plain","computed":true},"name":{"type":"string","description_kind":"plain","optional":true},"org":{"type":"string","description":"The name of organization to use, optional if defined at provider level. Useful when connected as sysadmin working across different organizations","description_kind":"plain","optional":true},"owner_name":{"type":"string","description":"The owner name of the disk","description_kind":"plain","computed":true},"size_in_mb":{"type":"number","description":"size in MB","description_kind":"plain","computed":true},"storage_profile":{"type":"string","description_kind":"plain","computed":true},"vdc":{"type":"string","description":"The name of VDC to use, optional if defined at provider level","description_kind":"plain","optional":true}},"description_kind":"plain"}},"vcd_lb_app_profile":{"version":0,"block":{"attributes":{"cookie_mode":{"type":"string","description":"The mode by which the cookie should be inserted. One of 'insert', 'prefix', or 'appsession'","description_kind":"plain","computed":true},"cookie_name":{"type":"string","description":"Used to uniquely identify the session the first time a client accesses the site. The load balancer refers to this cookie when connecting subsequent requests in the session, so that they all go to the same virtual server. Only applies for persistence_mechanism 'cookie'","description_kind":"plain","computed":true},"edge_gateway":{"type":"string","description":"Edge gateway name in which the LB Application Profile is located","description_kind":"plain","required":true},"enable_pool_side_ssl":{"type":"bool","description":"Enable to define the certificate, CAs, or CRLs used to authenticate the load balancer from the server side","description_kind":"plain","computed":true},"enable_ssl_passthrough":{"type":"bool","description":"Enable SSL authentication to be passed through to the virtual server. Otherwise SSL authentication takes place at the destination address.","description_kind":"plain","computed":true},"expiration":{"type":"number","description":"Length of time in seconds that persistence stays in effect","description_kind":"plain","computed":true},"http_redirect_url":{"type":"string","description":"The URL to which traffic that arrives at the destination address should be redirected. Only applies for types HTTP and HTTPS","description_kind":"plain","computed":true},"id":{"type":"string","description_kind":"plain","optional":true,"computed":true},"insert_x_forwarded_http_header":{"type":"bool","description":"Enables 'X-Forwarded-For' header for identifying the originating IP address of a client connecting to a Web server through the load balancer. Only applies for types HTTP and HTTPS","description_kind":"plain","computed":true},"name":{"type":"string","description":"LB Application Profile name for lookup","description_kind":"plain","required":true},"org":{"type":"string","description":"The name of organization to use, optional if defined at provider level. Useful when connected as sysadmin working across different organizations","description_kind":"plain","optional":true},"persistence_mechanism":{"type":"string","description":"Persistence mechanism for the profile. One of 'cookie', 'ssl-sessionid', 'sourceip'","description_kind":"plain","computed":true},"type":{"type":"string","description":"Protocol type used to send requests to the server. One of 'TCP', 'UDP', 'HTTP' org 'HTTPS'","description_kind":"plain","computed":true},"vdc":{"type":"string","description":"The name of VDC to use, optional if defined at provider level","description_kind":"plain","optional":true}},"description_kind":"plain"}},"vcd_lb_app_rule":{"version":0,"block":{"attributes":{"edge_gateway":{"type":"string","description":"Edge gateway name in which the LB Application Rule is located","description_kind":"plain","required":true},"id":{"type":"string","description_kind":"plain","optional":true,"computed":true},"name":{"type":"string","description":"LB Application Rule name for lookup","description_kind":"plain","required":true},"org":{"type":"string","description":"The name of organization to use, optional if defined at provider level. Useful when connected as sysadmin working across different organizations","description_kind":"plain","optional":true},"script":{"type":"string","description":"The script for the LB Application Rule. Each line will be terminated by newlines (\n)","description_kind":"plain","computed":true},"vdc":{"type":"string","description":"The name of VDC to use, optional if defined at provider level","description_kind":"plain","optional":true}},"description_kind":"plain"}},"vcd_lb_server_pool":{"version":0,"block":{"attributes":{"algorithm":{"type":"string","description":"Balancing method for the service","description_kind":"plain","computed":true},"algorithm_parameters":{"type":"string","description":"Additional options for load balancing algorithm for http-header or url algorithms","description_kind":"plain","computed":true},"description":{"type":"string","description":"Server pool description","description_kind":"plain","computed":true},"edge_gateway":{"type":"string","description":"Edge gateway name in which the LB Server Pool is located","description_kind":"plain","required":true},"enable_transparency":{"type":"bool","description":"Makes client IP addresses visible to the backend servers","description_kind":"plain","computed":true},"id":{"type":"string","description_kind":"plain","optional":true,"computed":true},"member":{"type":["list",["object",{"condition":"string","id":"string","ip_address":"string","max_connections":"number","min_connections":"number","monitor_port":"number","name":"string","port":"number","weight":"number"}]],"description_kind":"plain","computed":true},"monitor_id":{"type":"string","description":"Load Balancer Service Monitor ID","description_kind":"plain","computed":true},"name":{"type":"string","description":"Server Pool name for lookup","description_kind":"plain","required":true},"org":{"type":"string","description":"The name of organization to use, optional if defined at provider level. Useful when connected as sysadmin working across different organizations","description_kind":"plain","optional":true},"vdc":{"type":"string","description":"The name of VDC to use, optional if defined at provider level","description_kind":"plain","optional":true}},"description_kind":"plain"}},"vcd_lb_service_monitor":{"version":0,"block":{"attributes":{"edge_gateway":{"type":"string","description":"Edge gateway name in which the LB Service Monitor is located","description_kind":"plain","required":true},"expected":{"type":"string","description":"String that the monitor expects to match in the status line of the http or https response (for example, HTTP/1.1)","description_kind":"plain","computed":true},"extension":{"type":["map","string"],"description":"Advanced monitor parameters as key=value pairs","description_kind":"plain","computed":true},"id":{"type":"string","description_kind":"plain","optional":true,"computed":true},"interval":{"type":"number","description":"Interval in seconds at which a server is to be monitored","description_kind":"plain","computed":true},"max_retries":{"type":"number","description":"Number of times the specified monitoring Method must fail sequentially before the server is declared down","description_kind":"plain","computed":true},"method":{"type":"string","description":"Method to be used to detect server status. One of OPTIONS, GET, HEAD, POST, PUT, DELETE, TRACE, or CONNECT","description_kind":"plain","computed":true},"name":{"type":"string","description":"LB Service Monitor name","description_kind":"plain","required":true},"org":{"type":"string","description":"The name of organization to use, optional if defined at provider level. Useful when connected as sysadmin working across different organizations","description_kind":"plain","optional":true},"receive":{"type":"string","description":"String to be matched in the response content","description_kind":"plain","computed":true},"send":{"type":"string","description":"Data to be sent","description_kind":"plain","computed":true},"timeout":{"type":"number","description":"Maximum time in seconds within which a response from the server must be received","description_kind":"plain","computed":true},"type":{"type":"string","description":"Way in which you want to send the health check request to the server. One of http, https, tcp, icmp, or udp","description_kind":"plain","computed":true},"url":{"type":"string","description":"URL to be used in the server status request","description_kind":"plain","computed":true},"vdc":{"type":"string","description":"The name of VDC to use, optional if defined at provider level","description_kind":"plain","optional":true}},"description_kind":"plain"}},"vcd_lb_virtual_server":{"version":0,"block":{"attributes":{"app_profile_id":{"type":"string","description":"Application profile ID to be associated with the virtual server","description_kind":"plain","computed":true},"app_rule_ids":{"type":["list","string"],"description":"List of attached application rule IDs","description_kind":"plain","computed":true},"connection_limit":{"type":"number","description":"Maximum concurrent connections that the virtual server can process","description_kind":"plain","computed":true},"connection_rate_limit":{"type":"number","description":"Maximum incoming new connection requests per second","description_kind":"plain","computed":true},"description":{"type":"string","description":"Virtual Server description","description_kind":"plain","computed":true},"edge_gateway":{"type":"string","description":"Edge gateway name in which the Virtual Server is located","description_kind":"plain","required":true},"enable_acceleration":{"type":"bool","description":"Enable virtual server acceleration","description_kind":"plain","computed":true},"enabled":{"type":"bool","description":"Defines if the virtual server is enabled","description_kind":"plain","computed":true},"id":{"type":"string","description_kind":"plain","optional":true,"computed":true},"ip_address":{"type":"string","description":"IP address that the load balancer listens on","description_kind":"plain","computed":true},"name":{"type":"string","description":"Virtual Server name for lookup","description_kind":"plain","required":true},"org":{"type":"string","description":"The name of organization to use, optional if defined at provider level. Useful when connected as sysadmin working across different organizations","description_kind":"plain","optional":true},"port":{"type":"number","description":"Port number that the load balancer listens on","description_kind":"plain","computed":true},"protocol":{"type":"string","description":"Protocol that the virtual server accepts","description_kind":"plain","computed":true},"server_pool_id":{"type":"string","description":"The server pool that the load balancer will use","description_kind":"plain","computed":true},"vdc":{"type":"string","description":"The name of VDC to use, optional if defined at provider level","description_kind":"plain","optional":true}},"description_kind":"plain"}},"vcd_network_direct":{"version":0,"block":{"attributes":{"description":{"type":"string","description":"Optional description for the network","description_kind":"plain","computed":true},"external_network":{"type":"string","description":"The name of the external network","description_kind":"plain","computed":true},"external_network_dns1":{"type":"string","description":"Main DNS of the external network","description_kind":"plain","computed":true},"external_network_dns2":{"type":"string","description":"Secondary DNS of the external network","description_kind":"plain","computed":true},"external_network_dns_suffix":{"type":"string","description":"DNS suffix of the external network","description_kind":"plain","computed":true},"external_network_gateway":{"type":"string","description":"Gateway of the external network","description_kind":"plain","computed":true},"external_network_netmask":{"type":"string","description":"Net mask of the external network","description_kind":"plain","computed":true},"href":{"type":"string","description":"Network Hypertext Reference","description_kind":"plain","computed":true},"id":{"type":"string","description_kind":"plain","optional":true,"computed":true},"name":{"type":"string","description":"A unique name for this network (optional if 'filter' is used)","description_kind":"plain","optional":true},"org":{"type":"string","description":"The name of organization to use, optional if defined at provider level. Useful when connected as sysadmin working across different organizations","description_kind":"plain","optional":true},"shared":{"type":"bool","description":"Defines if this network is shared between multiple VDCs in the Org","description_kind":"plain","computed":true},"vdc":{"type":"string","description":"The name of VDC to use, optional if defined at provider level","description_kind":"plain","optional":true}},"block_types":{"filter":{"nesting_mode":"list","block":{"attributes":{"ip":{"type":"string","description":"Search by IP. The value can be a regular expression","description_kind":"plain","optional":true},"name_regex":{"type":"string","description":"Search by name with a regular expression","description_kind":"plain","optional":true}},"block_types":{"metadata":{"nesting_mode":"list","block":{"attributes":{"is_system":{"type":"bool","description":"True if is a metadata@SYSTEM key","description_kind":"plain","optional":true},"key":{"type":"string","description":"Metadata key (field name)","description_kind":"plain","required":true},"type":{"type":"string","description":"Type of metadata value (needed only if \"use_api_search\" is true)","description_kind":"plain","optional":true},"use_api_search":{"type":"bool","description":"If true, will search the vCD using native metadata query (without regular expressions)","description_kind":"plain","optional":true},"value":{"type":"string","description":"Metadata value (can be a regular expression if \"use_api_search\" is false)","description_kind":"plain","required":true}},"description":"metadata filter","description_kind":"plain"}}},"description":"Criteria for retrieving a network by various attributes","description_kind":"plain"},"max_items":1}},"description_kind":"plain"}},"vcd_network_isolated":{"version":0,"block":{"attributes":{"description":{"type":"string","description":"Optional description for the network","description_kind":"plain","computed":true},"dhcp_pool":{"type":["set",["object",{"default_lease_time":"number","end_address":"string","max_lease_time":"number","start_address":"string"}]],"description":"A range of IPs to issue to virtual machines that don't have a static IP","description_kind":"plain","computed":true},"dns1":{"type":"string","description":"First DNS server to use","description_kind":"plain","computed":true},"dns2":{"type":"string","description":"Second DNS server to use","description_kind":"plain","computed":true},"dns_suffix":{"type":"string","description":"A FQDN for the virtual machines on this network","description_kind":"plain","computed":true},"gateway":{"type":"string","description":"The gateway for this network","description_kind":"plain","computed":true},"href":{"type":"string","description":"Network Hyper Reference","description_kind":"plain","computed":true},"id":{"type":"string","description_kind":"plain","optional":true,"computed":true},"name":{"type":"string","description":"A unique name for this network (optional if 'filter' is used)","description_kind":"plain","optional":true},"netmask":{"type":"string","description":"The netmask for the new network","description_kind":"plain","computed":true},"org":{"type":"string","description":"The name of organization to use, optional if defined at provider level. Useful when connected as sysadmin working across different organizations","description_kind":"plain","optional":true},"shared":{"type":"bool","description":"Defines if this network is shared between multiple VDCs in the Org","description_kind":"plain","computed":true},"static_ip_pool":{"type":["set",["object",{"end_address":"string","start_address":"string"}]],"description":"A range of IPs permitted to be used as static IPs for virtual machines","description_kind":"plain","computed":true},"vdc":{"type":"string","description":"The name of VDC to use, optional if defined at provider level","description_kind":"plain","optional":true}},"block_types":{"filter":{"nesting_mode":"list","block":{"attributes":{"ip":{"type":"string","description":"Search by IP. The value can be a regular expression","description_kind":"plain","optional":true},"name_regex":{"type":"string","description":"Search by name with a regular expression","description_kind":"plain","optional":true}},"block_types":{"metadata":{"nesting_mode":"list","block":{"attributes":{"is_system":{"type":"bool","description":"True if is a metadata@SYSTEM key","description_kind":"plain","optional":true},"key":{"type":"string","description":"Metadata key (field name)","description_kind":"plain","required":true},"type":{"type":"string","description":"Type of metadata value (needed only if \"use_api_search\" is true)","description_kind":"plain","optional":true},"use_api_search":{"type":"bool","description":"If true, will search the vCD using native metadata query (without regular expressions)","description_kind":"plain","optional":true},"value":{"type":"string","description":"Metadata value (can be a regular expression if \"use_api_search\" is false)","description_kind":"plain","required":true}},"description":"metadata filter","description_kind":"plain"}}},"description":"Criteria for retrieving a network by various attributes","description_kind":"plain"},"max_items":1}},"description_kind":"plain"}},"vcd_network_isolated_v2":{"version":0,"block":{"attributes":{"description":{"type":"string","description":"Network description","description_kind":"plain","computed":true},"dns1":{"type":"string","description":"DNS server 1","description_kind":"plain","computed":true},"dns2":{"type":"string","description":"DNS server 1","description_kind":"plain","computed":true},"dns_suffix":{"type":"string","description":"DNS suffix","description_kind":"plain","computed":true},"gateway":{"type":"string","description":"Gateway IP address","description_kind":"plain","computed":true},"id":{"type":"string","description_kind":"plain","optional":true,"computed":true},"is_shared":{"type":"bool","description":"NSX-V only - share this network with other VDCs in this organization","description_kind":"plain","computed":true},"name":{"type":"string","description":"A unique name for this network (optional if 'filter' is used)","description_kind":"plain","optional":true},"org":{"type":"string","description":"The name of organization to use, optional if defined at provider level. Useful when connected as sysadmin working across different organizations","description_kind":"plain","optional":true},"prefix_length":{"type":"number","description":"Network prefix","description_kind":"plain","computed":true},"static_ip_pool":{"type":["set",["object",{"end_address":"string","start_address":"string"}]],"description":"IP ranges used for static pool allocation in the network","description_kind":"plain","computed":true},"vdc":{"type":"string","description":"The name of VDC to use, optional if defined at provider level","description_kind":"plain","optional":true}},"block_types":{"filter":{"nesting_mode":"list","block":{"attributes":{"ip":{"type":"string","description":"Search by IP. The value can be a regular expression","description_kind":"plain","optional":true},"name_regex":{"type":"string","description":"Search by name with a regular expression","description_kind":"plain","optional":true}},"description":"Criteria for retrieving a network by various attributes","description_kind":"plain"},"max_items":1}},"description_kind":"plain"}},"vcd_network_routed":{"version":0,"block":{"attributes":{"description":{"type":"string","description":"Optional description for the network","description_kind":"plain","computed":true},"dhcp_pool":{"type":["set",["object",{"default_lease_time":"number","end_address":"string","max_lease_time":"number","start_address":"string"}]],"description":"A range of IPs to issue to virtual machines that don't have a static IP","description_kind":"plain","computed":true},"dns1":{"type":"string","description":"First DNS server to use","description_kind":"plain","computed":true},"dns2":{"type":"string","description":"Second DNS server to use","description_kind":"plain","computed":true},"dns_suffix":{"type":"string","description":"A FQDN for the virtual machines on this network","description_kind":"plain","computed":true},"edge_gateway":{"type":"string","description":"The name of the edge gateway","description_kind":"plain","computed":true},"gateway":{"type":"string","description":"The gateway of this network","description_kind":"plain","computed":true},"href":{"type":"string","description":"Network Hypertext Reference","description_kind":"plain","computed":true},"id":{"type":"string","description_kind":"plain","optional":true,"computed":true},"interface_type":{"type":"string","description":"Which interface to use (one of `internal`, `subinterface`, `distributed`)","description_kind":"plain","computed":true},"name":{"type":"string","description":"A unique name for this network (optional if 'filter' is used)","description_kind":"plain","optional":true},"netmask":{"type":"string","description":"The netmask for the new network","description_kind":"plain","computed":true},"org":{"type":"string","description":"The name of organization to use, optional if defined at provider level. Useful when connected as sysadmin working across different organizations","description_kind":"plain","optional":true},"shared":{"type":"bool","description":"Defines if this network is shared between multiple VDCs in the Org","description_kind":"plain","computed":true},"static_ip_pool":{"type":["set",["object",{"end_address":"string","start_address":"string"}]],"description":"A range of IPs permitted to be used as static IPs for virtual machines","description_kind":"plain","computed":true},"vdc":{"type":"string","description":"The name of VDC to use, optional if defined at provider level","description_kind":"plain","optional":true}},"block_types":{"filter":{"nesting_mode":"list","block":{"attributes":{"ip":{"type":"string","description":"Search by IP. The value can be a regular expression","description_kind":"plain","optional":true},"name_regex":{"type":"string","description":"Search by name with a regular expression","description_kind":"plain","optional":true}},"block_types":{"metadata":{"nesting_mode":"list","block":{"attributes":{"is_system":{"type":"bool","description":"True if is a metadata@SYSTEM key","description_kind":"plain","optional":true},"key":{"type":"string","description":"Metadata key (field name)","description_kind":"plain","required":true},"type":{"type":"string","description":"Type of metadata value (needed only if \"use_api_search\" is true)","description_kind":"plain","optional":true},"use_api_search":{"type":"bool","description":"If true, will search the vCD using native metadata query (without regular expressions)","description_kind":"plain","optional":true},"value":{"type":"string","description":"Metadata value (can be a regular expression if \"use_api_search\" is false)","description_kind":"plain","required":true}},"description":"metadata filter","description_kind":"plain"}}},"description":"Criteria for retrieving a network by various attributes","description_kind":"plain"},"max_items":1}},"description_kind":"plain"}},"vcd_network_routed_v2":{"version":0,"block":{"attributes":{"description":{"type":"string","description":"Network description","description_kind":"plain","computed":true},"dns1":{"type":"string","description":"DNS server 1","description_kind":"plain","computed":true},"dns2":{"type":"string","description":"DNS server 1","description_kind":"plain","computed":true},"dns_suffix":{"type":"string","description":"DNS suffix","description_kind":"plain","computed":true},"edge_gateway_id":{"type":"string","description":"Edge gateway name in which Routed network is located","description_kind":"plain","computed":true},"gateway":{"type":"string","description":"Gateway IP address","description_kind":"plain","computed":true},"id":{"type":"string","description_kind":"plain","optional":true,"computed":true},"interface_type":{"type":"string","description":"Interface type (only for NSX-V networks). One of 'INTERNAL' (default), 'DISTRIBUTED', 'SUBINTERFACE'","description_kind":"plain","computed":true},"name":{"type":"string","description":"A unique name for this network (optional if 'filter' is used)","description_kind":"plain","optional":true},"org":{"type":"string","description":"The name of organization to use, optional if defined at provider level. Useful when connected as sysadmin working across different organizations","description_kind":"plain","optional":true},"prefix_length":{"type":"number","description":"Network prefix","description_kind":"plain","computed":true},"static_ip_pool":{"type":["set",["object",{"end_address":"string","start_address":"string"}]],"description":"IP ranges used for static pool allocation in the network","description_kind":"plain","computed":true},"vdc":{"type":"string","description":"The name of VDC to use, optional if defined at provider level","description_kind":"plain","optional":true}},"block_types":{"filter":{"nesting_mode":"list","block":{"attributes":{"ip":{"type":"string","description":"Search by IP. The value can be a regular expression","description_kind":"plain","optional":true},"name_regex":{"type":"string","description":"Search by name with a regular expression","description_kind":"plain","optional":true}},"description":"Criteria for retrieving a network by various attributes","description_kind":"plain"},"max_items":1}},"description_kind":"plain"}},"vcd_nsxt_alb_cloud":{"version":0,"block":{"attributes":{"controller_id":{"type":"string","description":"NSX-T ALB Importable Cloud ID","description_kind":"plain","computed":true},"description":{"type":"string","description":"NSX-T ALB Cloud description","description_kind":"plain","computed":true},"health_message":{"type":"string","description":"NSX-T ALB Cloud detailed health message","description_kind":"plain","computed":true},"health_status":{"type":"string","description":"NSX-T ALB Cloud health status","description_kind":"plain","computed":true},"id":{"type":"string","description_kind":"plain","optional":true,"computed":true},"importable_cloud_id":{"type":"string","description":"NSX-T ALB Importable Cloud ID","description_kind":"plain","computed":true},"name":{"type":"string","description":"NSX-T ALB Cloud name","description_kind":"plain","required":true},"network_pool_id":{"type":"string","description":"Network pool ID NSX-T ALB Cloud","description_kind":"plain","computed":true},"network_pool_name":{"type":"string","description":"Network pool name of NSX-T ALB Cloud","description_kind":"plain","computed":true}},"description_kind":"plain"}},"vcd_nsxt_alb_controller":{"version":0,"block":{"attributes":{"description":{"type":"string","description":"NSX-T ALB Controller description","description_kind":"plain","computed":true},"id":{"type":"string","description_kind":"plain","optional":true,"computed":true},"license_type":{"type":"string","description":"NSX-T ALB License type. One of 'BASIC', 'ENTERPRISE'","description_kind":"plain","computed":true},"name":{"type":"string","description":"NSX-T ALB Controller name","description_kind":"plain","required":true},"url":{"type":"string","description":"NSX-T ALB Controller URL","description_kind":"plain","computed":true},"username":{"type":"string","description":"NSX-T ALB Controller Username","description_kind":"plain","computed":true},"version":{"type":"string","description":"NSX-T ALB Controller version","description_kind":"plain","computed":true}},"description_kind":"plain"}},"vcd_nsxt_alb_importable_cloud":{"version":0,"block":{"attributes":{"already_imported":{"type":"bool","description":"Flags if the NSX-T ALB Importable Cloud is already imported","description_kind":"plain","computed":true},"controller_id":{"type":"string","description":"NSX-T ALB Controller ID","description_kind":"plain","required":true},"id":{"type":"string","description_kind":"plain","optional":true,"computed":true},"name":{"type":"string","description":"NSX-T ALB Importable Cloud Name","description_kind":"plain","required":true},"network_pool_id":{"type":"string","description":"Network pool ID NSX-T ALB Importable Cloud","description_kind":"plain","computed":true},"network_pool_name":{"type":"string","description":"Network pool name of NSX-T ALB Importable Cloud","description_kind":"plain","computed":true},"transport_zone_name":{"type":"string","description":"Transport zone name NSX-T ALB Importable Cloud","description_kind":"plain","computed":true}},"description_kind":"plain"}},"vcd_nsxt_alb_service_engine_group":{"version":0,"block":{"attributes":{"alb_cloud_id":{"type":"string","description":"NSX-T ALB backing Cloud ID","description_kind":"plain","computed":true},"deployed_virtual_services":{"type":"number","description":"NSX-T ALB Service Engine Group deployed virtual services","description_kind":"plain","computed":true},"description":{"type":"string","description":"NSX-T ALB Service Engine Group description","description_kind":"plain","computed":true},"ha_mode":{"type":"string","description":"NSX-T ALB Service Engine Group HA mode","description_kind":"plain","computed":true},"id":{"type":"string","description_kind":"plain","optional":true,"computed":true},"max_virtual_services":{"type":"number","description":"NSX-T ALB Service Engine Group maximum virtual services","description_kind":"plain","computed":true},"name":{"type":"string","description":"NSX-T ALB Service Engine Group name","description_kind":"plain","required":true},"overallocated":{"type":"bool","description":"Boolean value that shows if virtual services are overallocated","description_kind":"plain","optional":true},"reservation_model":{"type":"string","description":"NSX-T ALB Service Engine Group reservation model. One of 'DEDICATED', 'SHARED'","description_kind":"plain","computed":true},"reserved_virtual_services":{"type":"number","description":"NSX-T ALB Service Engine Group reserved virtual services","description_kind":"plain","computed":true},"sync_on_refresh":{"type":"bool","description":"Boolean value that shows if sync should be performed on every refresh","description_kind":"plain","optional":true}},"description_kind":"plain"}},"vcd_nsxt_app_port_profile":{"version":0,"block":{"attributes":{"app_port":{"type":["set",["object",{"port":["set","string"],"protocol":"string"}]],"description_kind":"plain","computed":true},"description":{"type":"string","description":"Application Port Profile description","description_kind":"plain","computed":true},"id":{"type":"string","description_kind":"plain","optional":true,"computed":true},"name":{"type":"string","description":"Application Port Profile name","description_kind":"plain","required":true},"nsxt_manager_id":{"type":"string","description":"ID of NSX-T manager. Only required for 'PROVIDER' scope","description_kind":"plain","optional":true},"org":{"type":"string","description":"The name of organization to use, optional if defined at provider level. Useful when connected as sysadmin working across different organizations","description_kind":"plain","optional":true},"scope":{"type":"string","description":"Scope - 'SYSTEM', 'PROVIDER' or 'TENANT'","description_kind":"plain","required":true},"vdc":{"type":"string","description":"The name of VDC to use, optional if defined at provider level","description_kind":"plain","optional":true}},"description_kind":"plain"}},"vcd_nsxt_edge_cluster":{"version":0,"block":{"attributes":{"deployment_type":{"type":"string","description":"Deployment type of NSX-T Edge Cluster","description_kind":"plain","computed":true},"description":{"type":"string","description":"Description of NSX-T Edge Cluster","description_kind":"plain","computed":true},"id":{"type":"string","description_kind":"plain","optional":true,"computed":true},"name":{"type":"string","description":"Name of NSX-T Edge Cluster","description_kind":"plain","required":true},"node_count":{"type":"number","description":"Number of nodes in NSX-T Edge Cluster","description_kind":"plain","computed":true},"node_type":{"type":"string","description":"Node type of NSX-T Edge Cluster","description_kind":"plain","computed":true},"org":{"type":"string","description":"The name of organization to use, optional if defined at provider level. Useful when connected as sysadmin working across different organizations","description_kind":"plain","optional":true},"vdc":{"type":"string","description":"The name of VDC to use, optional if defined at provider level","description_kind":"plain","optional":true}},"description_kind":"plain"}},"vcd_nsxt_edgegateway":{"version":0,"block":{"attributes":{"dedicate_external_network":{"type":"bool","description":"Dedicating the External Network will enable Route Advertisement for this Edge Gateway.","description_kind":"plain","computed":true},"description":{"type":"string","description":"Edge Gateway description","description_kind":"plain","computed":true},"edge_cluster_id":{"type":"string","description":"NSX-T Edge Cluster ID.","description_kind":"plain","optional":true},"external_network_id":{"type":"string","description":"External network ID","description_kind":"plain","computed":true},"id":{"type":"string","description_kind":"plain","optional":true,"computed":true},"name":{"type":"string","description":"Edge Gateway name","description_kind":"plain","required":true},"org":{"type":"string","description":"The name of organization to use, optional if defined at provider level. Useful when connected as sysadmin working across different organizations","description_kind":"plain","optional":true},"primary_ip":{"type":"string","description":"Primary IP address of edge gateway","description_kind":"plain","computed":true},"subnet":{"type":["set",["object",{"allocated_ips":["set",["object",{"end_address":"string","start_address":"string"}]],"gateway":"string","prefix_length":"number","primary_ip":"string"}]],"description":"One or more blocks with external network information to be attached to this gateway's interface","description_kind":"plain","computed":true},"vdc":{"type":"string","description":"The name of VDC to use, optional if defined at provider level","description_kind":"plain","optional":true}},"description_kind":"plain"}},"vcd_nsxt_firewall":{"version":0,"block":{"attributes":{"edge_gateway_id":{"type":"string","description":"Edge Gateway ID in which Firewall Rules are located","description_kind":"plain","required":true},"id":{"type":"string","description_kind":"plain","optional":true,"computed":true},"org":{"type":"string","description":"The name of organization to use, optional if defined at provider level. Useful when connected as sysadmin working across different organizations","description_kind":"plain","optional":true},"rule":{"type":["list",["object",{"action":"string","app_port_profile_ids":["set","string"],"destination_ids":["set","string"],"direction":"string","enabled":"bool","id":"string","ip_protocol":"string","logging":"bool","name":"string","source_ids":["set","string"]}]],"description":"List of firewall rules","description_kind":"plain","computed":true},"vdc":{"type":"string","description":"The name of VDC to use, optional if defined at provider level","description_kind":"plain","optional":true}},"description_kind":"plain"}},"vcd_nsxt_ip_set":{"version":0,"block":{"attributes":{"description":{"type":"string","description":"IP set description","description_kind":"plain","computed":true},"edge_gateway_id":{"type":"string","description":"Edge Gateway ID in which IP Set is located","description_kind":"plain","required":true},"id":{"type":"string","description_kind":"plain","optional":true,"computed":true},"ip_addresses":{"type":["set","string"],"description":"A set of IP address, CIDR, IP range objects","description_kind":"plain","computed":true},"name":{"type":"string","description":"IP set name","description_kind":"plain","required":true},"org":{"type":"string","description":"The name of organization to use, optional if defined at provider level. Useful when connected as sysadmin working across different organizations","description_kind":"plain","optional":true},"vdc":{"type":"string","description":"The name of VDC to use, optional if defined at provider level","description_kind":"plain","optional":true}},"description_kind":"plain"}},"vcd_nsxt_ipsec_vpn_tunnel":{"version":0,"block":{"attributes":{"description":{"type":"string","description":"Description of NAT rule","description_kind":"plain","computed":true},"edge_gateway_id":{"type":"string","description":"Edge gateway name in which IP Sec VPN configuration is located","description_kind":"plain","required":true},"enabled":{"type":"bool","description":"Enables or disables this configuration (default true)","description_kind":"plain","computed":true},"id":{"type":"string","description_kind":"plain","optional":true,"computed":true},"ike_fail_reason":{"type":"string","description":"Provides more details of failure if the IKE service is not UP","description_kind":"plain","computed":true},"ike_service_status":{"type":"string","description":"Status for the actual IKE Session for the given tunnel","description_kind":"plain","computed":true},"local_ip_address":{"type":"string","description":"IPv4 Address for the endpoint. This has to be a sub-allocated IP on the Edge Gateway.","description_kind":"plain","computed":true},"local_networks":{"type":["set","string"],"description":"Set of local networks in CIDR format. At least one value is required","description_kind":"plain","computed":true},"logging":{"type":"bool","description":"Sets whether logging for the tunnel is enabled or not. (default - false)","description_kind":"plain","computed":true},"name":{"type":"string","description":"Name of IP Sec VPN configuration","description_kind":"plain","required":true},"org":{"type":"string","description":"The name of organization to use, optional if defined at provider level. Useful when connected as sysadmin working across different organizations","description_kind":"plain","optional":true},"pre_shared_key":{"type":"string","description":"Pre-Shared Key (PSK)","description_kind":"plain","computed":true},"remote_ip_address":{"type":"string","description":"Public IPv4 Address of the remote device terminating the VPN connection","description_kind":"plain","computed":true},"remote_networks":{"type":["set","string"],"description":"Set of remote networks in CIDR format. Leaving it empty is interpreted as 0.0.0.0/0","description_kind":"plain","computed":true},"security_profile":{"type":"string","description":"Security type which is use for IPsec VPN Tunnel. It will be 'DEFAULT' if nothing is customized and 'CUSTOM' if some changes are applied","description_kind":"plain","computed":true},"security_profile_customization":{"type":["list",["object",{"dpd_probe_internal":"number","ike_dh_groups":["set","string"],"ike_digest_algorithms":["set","string"],"ike_encryption_algorithms":["set","string"],"ike_sa_lifetime":"number","ike_version":"string","tunnel_df_policy":"string","tunnel_dh_groups":["set","string"],"tunnel_digest_algorithms":["set","string"],"tunnel_encryption_algorithms":["set","string"],"tunnel_pfs_enabled":"bool","tunnel_sa_lifetime":"number"}]],"description":"Security profile customization","description_kind":"plain","computed":true},"status":{"type":"string","description":"Overall IPsec VPN Tunnel Status","description_kind":"plain","computed":true},"vdc":{"type":"string","description":"The name of VDC to use, optional if defined at provider level","description_kind":"plain","optional":true}},"description_kind":"plain"}},"vcd_nsxt_manager":{"version":0,"block":{"attributes":{"id":{"type":"string","description_kind":"plain","optional":true,"computed":true},"name":{"type":"string","description":"Name of NSX-T manager.","description_kind":"plain","required":true}},"description_kind":"plain"}},"vcd_nsxt_nat_rule":{"version":0,"block":{"attributes":{"app_port_profile_id":{"type":"string","description":"Application Port Profile ID applied for this rule","description_kind":"plain","computed":true},"description":{"type":"string","description":"Description of NAT rule","description_kind":"plain","computed":true},"dnat_external_port":{"type":"string","description":"For DNAT only. Port into which the DNAT rule is translating for the packets inbound to the virtual machines.","description_kind":"plain","computed":true},"edge_gateway_id":{"type":"string","description":"Edge gateway name in which NAT Rule is located","description_kind":"plain","required":true},"enabled":{"type":"bool","description":"Enables or disables this rule","description_kind":"plain","computed":true},"external_address":{"type":"string","description":"IP address or CIDR of external network","description_kind":"plain","computed":true},"firewall_match":{"type":"string","description":"VCD 10.2.2+ Determines how the firewall matches the address during NATing if firewall stage is not skipped. One of 'MATCH_INTERNAL_ADDRESS', 'MATCH_EXTERNAL_ADDRESS', 'BYPASS'","description_kind":"plain","computed":true},"id":{"type":"string","description_kind":"plain","optional":true,"computed":true},"internal_address":{"type":"string","description":"IP address or CIDR of the virtual machines for which you are configuring NAT","description_kind":"plain","computed":true},"logging":{"type":"bool","description":"Enable logging when this rule is applied","description_kind":"plain","computed":true},"name":{"type":"string","description":"Name of NAT rule","description_kind":"plain","required":true},"org":{"type":"string","description":"The name of organization to use, optional if defined at provider level. Useful when connected as sysadmin working across different organizations","description_kind":"plain","optional":true},"priority":{"type":"number","description":"VCD 10.2.2+ If an address has multiple NAT rules, the rule with the highest priority is applied. A lower value means a higher precedence for this rule.","description_kind":"plain","computed":true},"rule_type":{"type":"string","description":"Rule type - one of 'DNAT', 'NO_DNAT', 'SNAT', 'NO_SNAT'","description_kind":"plain","computed":true},"snat_destination_address":{"type":"string","description":"For SNAT only. Limits SNAT rule by destination IP address or range in CIDR format.","description_kind":"plain","computed":true},"vdc":{"type":"string","description":"The name of VDC to use, optional if defined at provider level","description_kind":"plain","optional":true}},"description_kind":"plain"}},"vcd_nsxt_network_dhcp":{"version":0,"block":{"attributes":{"id":{"type":"string","description_kind":"plain","optional":true,"computed":true},"org":{"type":"string","description":"The name of organization to use, optional if defined at provider level. Useful when connected as sysadmin working across different organizations","description_kind":"plain","optional":true},"org_network_id":{"type":"string","description":"Parent Org VDC network name","description_kind":"plain","required":true},"pool":{"type":["set",["object",{"end_address":"string","start_address":"string"}]],"description":"IP ranges used for DHCP pool allocation in the network","description_kind":"plain","computed":true},"vdc":{"type":"string","description":"The name of VDC to use, optional if defined at provider level","description_kind":"plain","optional":true}},"description_kind":"plain"}},"vcd_nsxt_network_imported":{"version":0,"block":{"attributes":{"description":{"type":"string","description":"Network description","description_kind":"plain","computed":true},"dns1":{"type":"string","description":"DNS server 1","description_kind":"plain","computed":true},"dns2":{"type":"string","description":"DNS server 1","description_kind":"plain","computed":true},"dns_suffix":{"type":"string","description":"DNS suffix","description_kind":"plain","computed":true},"gateway":{"type":"string","description":"Gateway IP address","description_kind":"plain","computed":true},"id":{"type":"string","description_kind":"plain","optional":true,"computed":true},"name":{"type":"string","description":"A unique name for this network (optional if 'filter' is used)","description_kind":"plain","optional":true},"nsxt_logical_switch_id":{"type":"string","description":"ID of existing NSX-T Logical Switch","description_kind":"plain","computed":true},"org":{"type":"string","description":"The name of organization to use, optional if defined at provider level. Useful when connected as sysadmin working across different organizations","description_kind":"plain","optional":true},"prefix_length":{"type":"number","description":"Network prefix","description_kind":"plain","computed":true},"static_ip_pool":{"type":["set",["object",{"end_address":"string","start_address":"string"}]],"description":"IP ranges used for static pool allocation in the network","description_kind":"plain","computed":true},"vdc":{"type":"string","description":"The name of VDC to use, optional if defined at provider level","description_kind":"plain","optional":true}},"block_types":{"filter":{"nesting_mode":"list","block":{"attributes":{"ip":{"type":"string","description":"Search by IP. The value can be a regular expression","description_kind":"plain","optional":true},"name_regex":{"type":"string","description":"Search by name with a regular expression","description_kind":"plain","optional":true}},"description":"Criteria for retrieving a network by various attributes","description_kind":"plain"},"max_items":1}},"description_kind":"plain"}},"vcd_nsxt_security_group":{"version":0,"block":{"attributes":{"description":{"type":"string","description":"Security Group description","description_kind":"plain","computed":true},"edge_gateway_id":{"type":"string","description":"Edge Gateway ID in which security group is located","description_kind":"plain","required":true},"id":{"type":"string","description_kind":"plain","optional":true,"computed":true},"member_org_network_ids":{"type":["set","string"],"description":"Set of Org VDC network IDs attached to this security group","description_kind":"plain","computed":true},"member_vms":{"type":["set",["object",{"vapp_id":"string","vapp_name":"string","vm_id":"string","vm_name":"string"}]],"description":"Set of VM IDs","description_kind":"plain","computed":true},"name":{"type":"string","description":"Security Group name","description_kind":"plain","required":true},"org":{"type":"string","description":"The name of organization to use, optional if defined at provider level. Useful when connected as sysadmin working across different organizations","description_kind":"plain","optional":true},"vdc":{"type":"string","description":"The name of VDC to use, optional if defined at provider level","description_kind":"plain","optional":true}},"description_kind":"plain"}},"vcd_nsxt_tier0_router":{"version":0,"block":{"attributes":{"id":{"type":"string","description_kind":"plain","optional":true,"computed":true},"is_assigned":{"type":"bool","description":"Defines if Tier-0 router is already assigned to external network.","description_kind":"plain","computed":true},"name":{"type":"string","description":"Name of NSX-T Tier-0 router.","description_kind":"plain","required":true},"nsxt_manager_id":{"type":"string","description":"ID of NSX-T manager.","description_kind":"plain","required":true}},"description_kind":"plain"}},"vcd_nsxv_dhcp_relay":{"version":0,"block":{"attributes":{"domain_names":{"type":["set","string"],"description":"A set of IP domain names of DHCP servers","description_kind":"plain","computed":true},"edge_gateway":{"type":"string","description":"Edge gateway name for DHCP relay settings","description_kind":"plain","required":true},"id":{"type":"string","description_kind":"plain","optional":true,"computed":true},"ip_addresses":{"type":["set","string"],"description":"A set of IP address of DHCP servers","description_kind":"plain","computed":true},"ip_sets":{"type":["set","string"],"description":"A set of IP set names which consist DHCP servers","description_kind":"plain","computed":true},"org":{"type":"string","description":"The name of organization to use, optional if defined at provider level. Useful when connected as sysadmin working across different organizations","description_kind":"plain","optional":true},"relay_agent":{"type":["set",["object",{"gateway_ip_address":"string","network_name":"string"}]],"description_kind":"plain","computed":true},"vdc":{"type":"string","description":"The name of VDC to use, optional if defined at provider level","description_kind":"plain","optional":true}},"description_kind":"plain"}},"vcd_nsxv_dnat":{"version":0,"block":{"attributes":{"description":{"type":"string","description":"NAT rule description","description_kind":"plain","computed":true},"edge_gateway":{"type":"string","description":"Edge gateway name in which the NAT rule is located","description_kind":"plain","required":true},"enabled":{"type":"bool","description":"Defines if the rule is enabled","description_kind":"plain","computed":true},"icmp_type":{"type":"string","description":"ICMP type. Only supported when protocol is ICMP. One of `any`, `address-mask-request`, `address-mask-reply`, `destination-unreachable`, `echo-request`, `echo-reply`, `parameter-problem`, `redirect`, `router-advertisement`, `router-solicitation`, `source-quench`, `time-exceeded`, `timestamp-request`, `timestamp-reply`. Default `any`","description_kind":"plain","computed":true},"id":{"type":"string","description_kind":"plain","optional":true,"computed":true},"logging_enabled":{"type":"bool","description":"Defines if logging is enabled for the rule","description_kind":"plain","computed":true},"network_name":{"type":"string","description":"Org or external network name","description_kind":"plain","computed":true},"network_type":{"type":"string","description":"Network type. One of 'ext', 'org'","description_kind":"plain","computed":true},"org":{"type":"string","description":"The name of organization to use, optional if defined at provider level. Useful when connected as sysadmin working across different organizations","description_kind":"plain","optional":true},"original_address":{"type":"string","description":"Original address or address range. This is the the destination address for DNAT rules.","description_kind":"plain","computed":true},"original_port":{"type":"string","description":"Original port. This is the destinationport for DNAT rules","description_kind":"plain","computed":true},"protocol":{"type":"string","description":"Protocol. One of 'tcp', 'udp', 'icmp', 'any'","description_kind":"plain","computed":true},"rule_id":{"type":"string","description":"NAT rule ID for lookup","description_kind":"plain","required":true},"rule_tag":{"type":"number","description":"Custom rule tag. Contains rule ID if tag was not set","description_kind":"plain","computed":true},"rule_type":{"type":"string","description":"Possible values 'user', 'internal_high'","description_kind":"plain","computed":true},"translated_address":{"type":"string","description":"Translated address or address range","description_kind":"plain","computed":true},"translated_port":{"type":"string","description":"Translated port","description_kind":"plain","computed":true},"vdc":{"type":"string","description":"The name of VDC to use, optional if defined at provider level","description_kind":"plain","optional":true}},"description_kind":"plain"}},"vcd_nsxv_firewall_rule":{"version":0,"block":{"attributes":{"action":{"type":"string","description":"'accept' or 'deny'. Default 'accept'","description_kind":"plain","computed":true},"destination":{"type":["list",["object",{"exclude":"bool","gateway_interfaces":["set","string"],"ip_addresses":["set","string"],"ip_sets":["set","string"],"org_networks":["set","string"],"vm_ids":["set","string"]}]],"description_kind":"plain","computed":true},"edge_gateway":{"type":"string","description":"Edge gateway name in which the firewall rule is located","description_kind":"plain","required":true},"enabled":{"type":"bool","description":"Whether the rule should be enabled. Default 'true'","description_kind":"plain","computed":true},"id":{"type":"string","description_kind":"plain","optional":true,"computed":true},"logging_enabled":{"type":"bool","description":"Whether logging should be enabled for this rule. Default 'false'","description_kind":"plain","computed":true},"name":{"type":"string","description":"Firewall rule name","description_kind":"plain","computed":true},"org":{"type":"string","description":"The name of organization to use, optional if defined at provider level. Useful when connected as sysadmin working across different organizations","description_kind":"plain","optional":true},"rule_id":{"type":"string","description":"Firewall rule ID for lookup","description_kind":"plain","required":true},"rule_tag":{"type":"number","description":"Optional. Allows to set custom rule tag","description_kind":"plain","computed":true},"rule_type":{"type":"string","description":"Read only. Possible values 'user', 'internal_high'","description_kind":"plain","computed":true},"service":{"type":["set",["object",{"port":"string","protocol":"string","source_port":"string"}]],"description_kind":"plain","computed":true},"source":{"type":["list",["object",{"exclude":"bool","gateway_interfaces":["set","string"],"ip_addresses":["set","string"],"ip_sets":["set","string"],"org_networks":["set","string"],"vm_ids":["set","string"]}]],"description_kind":"plain","computed":true},"vdc":{"type":"string","description":"The name of VDC to use, optional if defined at provider level","description_kind":"plain","optional":true}},"description_kind":"plain"}},"vcd_nsxv_ip_set":{"version":0,"block":{"attributes":{"description":{"type":"string","description":"IP set description","description_kind":"plain","computed":true},"id":{"type":"string","description_kind":"plain","optional":true,"computed":true},"ip_addresses":{"type":["set","string"],"description":"A set of IP address, CIDR, IP range objects","description_kind":"plain","computed":true},"is_inheritance_allowed":{"type":"bool","description":"Allows visibility in underlying scopes (Default is true)","description_kind":"plain","computed":true},"name":{"type":"string","description":"IP set name","description_kind":"plain","required":true},"org":{"type":"string","description":"The name of organization to use, optional if defined at provider level. Useful when connected as sysadmin working across different organizations","description_kind":"plain","optional":true},"vdc":{"type":"string","description":"The name of VDC to use, optional if defined at provider level","description_kind":"plain","optional":true}},"description_kind":"plain"}},"vcd_nsxv_snat":{"version":0,"block":{"attributes":{"description":{"type":"string","description":"NAT rule description","description_kind":"plain","computed":true},"edge_gateway":{"type":"string","description":"Edge gateway name in which the NAT rule is located","description_kind":"plain","required":true},"enabled":{"type":"bool","description":"Defines if the rule is enabled","description_kind":"plain","computed":true},"id":{"type":"string","description_kind":"plain","optional":true,"computed":true},"logging_enabled":{"type":"bool","description":"Defines if logging is enabled for the rule","description_kind":"plain","computed":true},"network_name":{"type":"string","description":"Org or external network name","description_kind":"plain","computed":true},"network_type":{"type":"string","description":"Network type. One of 'ext', 'org'","description_kind":"plain","computed":true},"org":{"type":"string","description":"The name of organization to use, optional if defined at provider level. Useful when connected as sysadmin working across different organizations","description_kind":"plain","optional":true},"original_address":{"type":"string","description":"Original address or address range. This is the the source address for SNAT rules","description_kind":"plain","computed":true},"rule_id":{"type":"string","description":"NAT rule ID for lookup","description_kind":"plain","required":true},"rule_tag":{"type":"number","description":"Custom rule tag. Contains rule ID if tag was not set","description_kind":"plain","computed":true},"rule_type":{"type":"string","description":"Possible values 'user', 'internal_high'.","description_kind":"plain","computed":true},"translated_address":{"type":"string","description":"Translated address or address range","description_kind":"plain","computed":true},"vdc":{"type":"string","description":"The name of VDC to use, optional if defined at provider level","description_kind":"plain","optional":true}},"description_kind":"plain"}},"vcd_org":{"version":0,"block":{"attributes":{"can_publish_catalogs":{"type":"bool","description":"True if this organization is allowed to share catalogs.","description_kind":"plain","computed":true},"delay_after_power_on_seconds":{"type":"number","description":"Specifies this organization's default for virtual machine boot delay after power on.","description_kind":"plain","computed":true},"deployed_vm_quota":{"type":"number","description":"Maximum number of virtual machines that can be deployed simultaneously by a member of this organization. (0 = unlimited)","description_kind":"plain","computed":true},"description":{"type":"string","description_kind":"plain","computed":true},"full_name":{"type":"string","description_kind":"plain","computed":true},"id":{"type":"string","description_kind":"plain","optional":true,"computed":true},"is_enabled":{"type":"bool","description":"True if this organization is enabled (allows login and all other operations).","description_kind":"plain","computed":true},"name":{"type":"string","description":"Organization name for lookup","description_kind":"plain","required":true},"stored_vm_quota":{"type":"number","description":"Maximum number of virtual machines in vApps or vApp templates that can be stored in an undeployed state by a member of this organization. (0 = unlimited)","description_kind":"plain","computed":true},"vapp_lease":{"type":["list",["object",{"delete_on_storage_lease_expiration":"bool","maximum_runtime_lease_in_sec":"number","maximum_storage_lease_in_sec":"number","power_off_on_runtime_lease_expiration":"bool"}]],"description_kind":"plain","computed":true},"vapp_template_lease":{"type":["list",["object",{"delete_on_storage_lease_expiration":"bool","maximum_storage_lease_in_sec":"number"}]],"description_kind":"plain","computed":true}},"description_kind":"plain"}},"vcd_org_user":{"version":0,"block":{"attributes":{"deployed_vm_quota":{"type":"number","description":"Quota of vApps that this user can deploy. A value of 0 specifies an unlimited quota.","description_kind":"plain","computed":true},"description":{"type":"string","description":"The user's description","description_kind":"plain","computed":true},"email_address":{"type":"string","description":"The user's email address","description_kind":"plain","computed":true},"enabled":{"type":"bool","description":"True if the user is enabled and can log in.","description_kind":"plain","computed":true},"full_name":{"type":"string","description":"The user's full name","description_kind":"plain","computed":true},"id":{"type":"string","description_kind":"plain","optional":true,"computed":true},"instant_messaging":{"type":"string","description":"The user's telephone","description_kind":"plain","computed":true},"is_group_role":{"type":"bool","description":"True if this user has a group role.","description_kind":"plain","computed":true},"is_locked":{"type":"bool","description":"If the user account has been locked due to too many invalid login attempts, the value will change to true (only the system can lock the user). ","description_kind":"plain","computed":true},"name":{"type":"string","description":"User's name. Required if \"user_id\" is not set","description_kind":"plain","optional":true},"org":{"type":"string","description":"The name of organization to use, optional if defined at provider level. Useful when connected as sysadmin working across different organizations","description_kind":"plain","optional":true},"provider_type":{"type":"string","description":"Identity provider type for this this user. One of: 'INTEGRATED', 'SAML', 'OAUTH'. ","description_kind":"plain","computed":true},"role":{"type":"string","description":"Role within the organization","description_kind":"plain","computed":true},"stored_vm_quota":{"type":"number","description":"Quota of vApps that this user can store. A value of 0 specifies an unlimited quota.","description_kind":"plain","computed":true},"telephone":{"type":"string","description":"The user's telephone","description_kind":"plain","computed":true},"user_id":{"type":"string","description":"User's id. Required if \"name\" is not set","description_kind":"plain","optional":true}},"description_kind":"plain"}},"vcd_org_vdc":{"version":0,"block":{"attributes":{"allocation_model":{"type":"string","description":"The allocation model used by this VDC; must be one of {AllocationVApp, AllocationPool, ReservationPool, Flex}","description_kind":"plain","computed":true},"allow_over_commit":{"type":"bool","description":"Set to false to disallow creation of the VDC if the AllocationModel is AllocationPool or ReservationPool and the ComputeCapacity you specified is greater than what the backing Provider VDC can supply. Default is true.","description_kind":"plain","computed":true},"compute_capacity":{"type":["list",["object",{"cpu":["list",["object",{"allocated":"number","limit":"number","reserved":"number","used":"number"}]],"memory":["list",["object",{"allocated":"number","limit":"number","reserved":"number","used":"number"}]]}]],"description":"The compute capacity allocated to this VDC.","description_kind":"plain","computed":true},"cpu_guaranteed":{"type":"number","description":"Percentage of allocated CPU resources guaranteed to vApps deployed in this VDC. For example, if this value is 0.75, then 75% of allocated resources are guaranteed. Required when AllocationModel is AllocationVApp or AllocationPool. If the element is empty, vCD sets a value","description_kind":"plain","computed":true},"cpu_speed":{"type":"number","description":"Specifies the clock frequency, in Megahertz, for any virtual CPU that is allocated to a VM. A VM with 2 vCPUs will consume twice as much of this value. Ignored for ReservationPool. Required when AllocationModel is AllocationVApp or AllocationPool, and may not be less than 256 MHz. Defaults to 1000 MHz if the element is empty or missing.","description_kind":"plain","computed":true},"default_vm_sizing_policy_id":{"type":"string","description":"ID of default VM sizing policy ID","description_kind":"plain","computed":true},"description":{"type":"string","description_kind":"plain","computed":true},"elasticity":{"type":"bool","description":"True if the Flex VDC is elastic.","description_kind":"plain","computed":true},"enable_fast_provisioning":{"type":"bool","description":"Request for fast provisioning. Request will be honored only if the underlying datas tore supports it. Fast provisioning can reduce the time it takes to create virtual machines by using vSphere linked clones. If you disable fast provisioning, all provisioning operations will result in full clones.","description_kind":"plain","computed":true},"enable_thin_provisioning":{"type":"bool","description":"Boolean to request thin provisioning. Request will be honored only if the underlying datastore supports it. Thin provisioning saves storage space by committing it on demand. This allows over-allocation of storage.","description_kind":"plain","computed":true},"enable_vm_discovery":{"type":"bool","description":"True if discovery of vCenter VMs is enabled for resource pools backing this VDC. If left unspecified, the actual behaviour depends on enablement at the organization level and at the system level.","description_kind":"plain","computed":true},"enabled":{"type":"bool","description":"True if this VDC is enabled for use by the organization VDCs. Default is true.","description_kind":"plain","computed":true},"id":{"type":"string","description_kind":"plain","optional":true,"computed":true},"include_vm_memory_overhead":{"type":"bool","description":"True if the Flex VDC includes memory overhead into its accounting for admission control.","description_kind":"plain","computed":true},"memory_guaranteed":{"type":"number","description":"Percentage of allocated memory resources guaranteed to vApps deployed in this VDC. For example, if this value is 0.75, then 75% of allocated resources are guaranteed. Required when AllocationModel is AllocationVApp or AllocationPool. When Allocation model is AllocationPool minimum value is 0.2. If the element is empty, vCD sets a value.","description_kind":"plain","computed":true},"metadata":{"type":["map","string"],"description":"Key and value pairs for Org VDC metadata","description_kind":"plain","computed":true},"name":{"type":"string","description_kind":"plain","required":true},"network_pool_name":{"type":"string","description":"The name of a network pool in the Provider VDC. Required if this VDC will contain routed or isolated networks.","description_kind":"plain","computed":true},"network_quota":{"type":"number","description":"Maximum number of network objects that can be deployed in this VDC. Defaults to 0, which means no networks can be deployed.","description_kind":"plain","computed":true},"nic_quota":{"type":"number","description":"Maximum number of virtual NICs allowed in this VDC. Defaults to 0, which specifies an unlimited number.","description_kind":"plain","computed":true},"org":{"type":"string","description":"Organization to create the VDC in","description_kind":"plain","optional":true},"provider_vdc_name":{"type":"string","description":"A reference to the Provider VDC from which this organization VDC is provisioned.","description_kind":"plain","computed":true},"storage_profile":{"type":["list",["object",{"default":"bool","enabled":"bool","limit":"number","name":"string","storage_used_in_mb":"number"}]],"description":"Storage profiles supported by this VDC.","description_kind":"plain","computed":true},"vm_quota":{"type":"number","description":"The maximum number of VMs that can be created in this VDC. Includes deployed and undeployed VMs in vApps and vApp templates. Defaults to 0, which specifies an unlimited number.","description_kind":"plain","computed":true},"vm_sizing_policy_ids":{"type":["set","string"],"description":"Set of VM sizing policy IDs","description_kind":"plain","computed":true}},"description_kind":"plain"}},"vcd_portgroup":{"version":0,"block":{"attributes":{"id":{"type":"string","description_kind":"plain","optional":true,"computed":true},"name":{"type":"string","description":"Name of NSX-T Tier-0 router.","description_kind":"plain","required":true},"type":{"type":"string","description":"Portgroup type. One of 'NETWORK', 'DV_PORTGROUP'","description_kind":"plain","required":true}},"description_kind":"plain"}},"vcd_resource_list":{"version":0,"block":{"attributes":{"id":{"type":"string","description_kind":"plain","optional":true,"computed":true},"list":{"type":["list","string"],"description":"Holds the list of requested resources","description_kind":"plain","computed":true},"list_mode":{"type":"string","description":"How the list should be built","description_kind":"plain","optional":true},"name":{"type":"string","description":"Unique name of the Info","description_kind":"plain","required":true},"name_id_separator":{"type":"string","description":"Separator for name_id combination","description_kind":"plain","optional":true},"org":{"type":"string","description":"The name of organization to use, optional if defined at provider level. Useful when connected as sysadmin working across different organizations","description_kind":"plain","optional":true},"parent":{"type":"string","description":"The name of the parent to the resources being retrieved","description_kind":"plain","optional":true},"resource_type":{"type":"string","description":"Which resource we should list","description_kind":"plain","required":true},"vdc":{"type":"string","description":"The name of VDC to use, optional if defined at provider level","description_kind":"plain","optional":true}},"description_kind":"plain"}},"vcd_resource_schema":{"version":0,"block":{"attributes":{"attributes":{"type":["set",["object",{"computed":"bool","description":"string","name":"string","optional":"bool","required":"bool","sensitive":"bool","type":"string"}]],"description":"Attributes of the resource","description_kind":"plain","computed":true},"block_attributes":{"type":["set",["object",{"attributes":["set",["object",{"computed":"bool","description":"string","name":"string","optional":"bool","required":"bool","sensitive":"bool","type":"string"}]],"name":"string","nesting_mode":"string"}]],"description":"The compound attributes for this resource","description_kind":"plain","computed":true},"id":{"type":"string","description_kind":"plain","optional":true,"computed":true},"name":{"type":"string","description":"Unique name of the structure","description_kind":"plain","required":true},"resource_type":{"type":"string","description":"Which resource we should list","description_kind":"plain","required":true}},"description_kind":"plain"}},"vcd_right":{"version":0,"block":{"attributes":{"bundle_key":{"type":"string","description":"Key used for internationalization","description_kind":"plain","computed":true},"category_id":{"type":"string","description":"ID of the category for this right","description_kind":"plain","computed":true},"description":{"type":"string","description":"Right description","description_kind":"plain","computed":true},"id":{"type":"string","description_kind":"plain","optional":true,"computed":true},"implied_rights":{"type":["set",["object",{"id":"string","name":"string"}]],"description":"list of rights that are implied with this one","description_kind":"plain","computed":true},"name":{"type":"string","description":"Name of Right.","description_kind":"plain","required":true},"right_type":{"type":"string","description":"Type of the right","description_kind":"plain","computed":true}},"description_kind":"plain"}},"vcd_rights_bundle":{"version":0,"block":{"attributes":{"bundle_key":{"type":"string","description":"Key used for internationalization","description_kind":"plain","computed":true},"description":{"type":"string","description":"Rights bundle description","description_kind":"plain","computed":true},"id":{"type":"string","description_kind":"plain","optional":true,"computed":true},"name":{"type":"string","description":"Name of rights bundle.","description_kind":"plain","required":true},"publish_to_all_tenants":{"type":"bool","description":"When true, publishes the global role to all tenants","description_kind":"plain","computed":true},"read_only":{"type":"bool","description":"Whether this rights bundle is read-only","description_kind":"plain","computed":true},"rights":{"type":["set","string"],"description":"list of rights assigned to this rights bundle","description_kind":"plain","computed":true},"tenants":{"type":["set","string"],"description":"list of tenants to which this rights bundle is published","description_kind":"plain","computed":true}},"description_kind":"plain"}},"vcd_role":{"version":0,"block":{"attributes":{"bundle_key":{"type":"string","description":"Key used for internationalization","description_kind":"plain","computed":true},"description":{"type":"string","description":"Role description","description_kind":"plain","computed":true},"id":{"type":"string","description_kind":"plain","optional":true,"computed":true},"name":{"type":"string","description":"Name of Role.","description_kind":"plain","required":true},"org":{"type":"string","description":"The name of organization to use, optional if defined at provider level. Useful when connected as sysadmin working across different organizations","description_kind":"plain","optional":true},"read_only":{"type":"bool","description":"Whether this role is read-only","description_kind":"plain","computed":true},"rights":{"type":["set","string"],"description":"list of rights assigned to this role","description_kind":"plain","computed":true}},"description_kind":"plain"}},"vcd_storage_profile":{"version":0,"block":{"attributes":{"id":{"type":"string","description_kind":"plain","optional":true,"computed":true},"name":{"type":"string","description":"Name of storage profile","description_kind":"plain","required":true},"org":{"type":"string","description":"The name of organization to use, optional if defined at provider level. Useful when connected as sysadmin working across different organizations","description_kind":"plain","optional":true},"vdc":{"type":"string","description":"The name of VDC to use, optional if defined at provider level","description_kind":"plain","optional":true}},"description_kind":"plain"}},"vcd_vapp":{"version":0,"block":{"attributes":{"description":{"type":"string","description":"Optional description of the vApp","description_kind":"plain","computed":true},"guest_properties":{"type":["map","string"],"description":"Key/value settings for guest properties","description_kind":"plain","computed":true},"href":{"type":"string","description":"vApp Hyper Reference","description_kind":"plain","computed":true},"id":{"type":"string","description_kind":"plain","optional":true,"computed":true},"metadata":{"type":["map","string"],"description":"Key value map of metadata to assign to this vApp. Key and value can be any string.","description_kind":"plain","computed":true},"name":{"type":"string","description":"A name for the vApp, unique within the VDC","description_kind":"plain","required":true},"org":{"type":"string","description":"The name of organization to use, optional if defined at provider level. Useful when connected as sysadmin working across different organizations","description_kind":"plain","optional":true},"status":{"type":"number","description":"Shows the status code of the vApp","description_kind":"plain","computed":true},"status_text":{"type":"string","description":"Shows the status of the vApp","description_kind":"plain","computed":true},"vdc":{"type":"string","description":"The name of VDC to use, optional if defined at provider level","description_kind":"plain","optional":true}},"description_kind":"plain"}},"vcd_vapp_network":{"version":0,"block":{"attributes":{"description":{"type":"string","description":"Optional description for the network","description_kind":"plain","computed":true},"dhcp_pool":{"type":["set",["object",{"default_lease_time":"number","enabled":"bool","end_address":"string","max_lease_time":"number","start_address":"string"}]],"description":"A range of IPs to issue to virtual machines that don't have a static IP","description_kind":"plain","computed":true},"dns1":{"type":"string","description":"Primary DNS server","description_kind":"plain","computed":true},"dns2":{"type":"string","description":"Secondary DNS server","description_kind":"plain","computed":true},"dns_suffix":{"type":"string","description":"DNS suffix","description_kind":"plain","computed":true},"gateway":{"type":"string","description":"Gateway of the network","description_kind":"plain","computed":true},"guest_vlan_allowed":{"type":"bool","description":"True if Network allows guest VLAN tagging","description_kind":"plain","computed":true},"id":{"type":"string","description_kind":"plain","optional":true,"computed":true},"name":{"type":"string","description":"vApp network name","description_kind":"plain","required":true},"netmask":{"type":"string","description":"Netmask address for a subnet","description_kind":"plain","computed":true},"org":{"type":"string","description":"The name of organization to use, optional if defined at provider level. Useful when connected as sysadmin working across different organizations","description_kind":"plain","optional":true},"org_network_name":{"type":"string","description":"org network name to which vapp network is connected","description_kind":"plain","computed":true},"retain_ip_mac_enabled":{"type":"bool","description":"Specifies whether the network resources such as IP/MAC of router will be retained across deployments.","description_kind":"plain","computed":true},"static_ip_pool":{"type":["set",["object",{"end_address":"string","start_address":"string"}]],"description":"A range of IPs permitted to be used as static IPs for virtual machines","description_kind":"plain","computed":true},"vapp_name":{"type":"string","description":"vApp to use","description_kind":"plain","required":true},"vdc":{"type":"string","description":"The name of VDC to use, optional if defined at provider level","description_kind":"plain","optional":true}},"description_kind":"plain"}},"vcd_vapp_org_network":{"version":0,"block":{"attributes":{"id":{"type":"string","description_kind":"plain","optional":true,"computed":true},"is_fenced":{"type":"bool","description":"Fencing allows identical virtual machines in different vApp networks connect to organization VDC networks that are accessed in this vApp","description_kind":"plain","computed":true},"org":{"type":"string","description":"The name of organization to use, optional if defined at provider level. Useful when connected as sysadmin working across different organizations","description_kind":"plain","optional":true},"org_network_name":{"type":"string","description":"Organization network name to which vApp network is connected to","description_kind":"plain","required":true},"retain_ip_mac_enabled":{"type":"bool","description":"Specifies whether the network resources such as IP/MAC of router will be retained across deployments.","description_kind":"plain","computed":true},"vapp_name":{"type":"string","description":"vApp name","description_kind":"plain","required":true},"vdc":{"type":"string","description":"The name of VDC to use, optional if defined at provider level","description_kind":"plain","optional":true}},"description_kind":"plain"}},"vcd_vapp_vm":{"version":0,"block":{"attributes":{"computer_name":{"type":"string","description":"Computer name assigned to this virtual machine","description_kind":"plain","computed":true},"cpu_cores":{"type":"number","description":"The number of cores per socket","description_kind":"plain","computed":true},"cpu_hot_add_enabled":{"type":"bool","description":"True if the virtual machine supports addition of virtual CPUs while powered on.","description_kind":"plain","computed":true},"cpus":{"type":"number","description":"The number of virtual CPUs to allocate to the VM","description_kind":"plain","computed":true},"customization":{"type":["list",["object",{"admin_password":"string","allow_local_admin_password":"bool","auto_generate_password":"bool","change_sid":"bool","enabled":"bool","force":"bool","initscript":"string","join_domain":"bool","join_domain_account_ou":"string","join_domain_name":"string","join_domain_password":"string","join_domain_user":"string","join_org_domain":"bool","must_change_password_on_first_login":"bool","number_of_auto_logons":"number"}]],"description":"Guest customization block","description_kind":"plain","computed":true},"description":{"type":"string","description":"The VM description","description_kind":"plain","computed":true},"disk":{"type":["set",["object",{"bus_number":"string","name":"string","size_in_mb":"number","unit_number":"string"}]],"description_kind":"plain","computed":true},"expose_hardware_virtualization":{"type":"bool","description":"Expose hardware-assisted CPU virtualization to guest OS.","description_kind":"plain","computed":true},"guest_properties":{"type":["map","string"],"description":"Key/value settings for guest properties","description_kind":"plain","computed":true},"hardware_version":{"type":"string","description":"Virtual Hardware Version.","description_kind":"plain","computed":true},"href":{"type":"string","description":"VM Hyper Reference","description_kind":"plain","computed":true},"id":{"type":"string","description_kind":"plain","optional":true,"computed":true},"internal_disk":{"type":["list",["object",{"bus_number":"number","bus_type":"string","disk_id":"string","iops":"number","size_in_mb":"number","storage_profile":"string","thin_provisioned":"bool","unit_number":"number"}]],"description":"A block will show internal disk details","description_kind":"plain","computed":true},"memory":{"type":"number","description":"The amount of RAM (in MB) to allocate to the VM","description_kind":"plain","computed":true},"memory_hot_add_enabled":{"type":"bool","description":"True if the virtual machine supports addition of memory while powered on.","description_kind":"plain","computed":true},"metadata":{"type":["map","string"],"description":"Key value map of metadata to assign to this VM","description_kind":"plain","computed":true},"name":{"type":"string","description":"A name for the VM, unique within the vApp","description_kind":"plain","required":true},"network":{"type":["list",["object",{"adapter_type":"string","connected":"bool","ip":"string","ip_allocation_mode":"string","is_primary":"bool","mac":"string","name":"string","type":"string"}]],"description_kind":"plain","computed":true},"network_dhcp_wait_seconds":{"type":"number","description":"Optional number of seconds to try and wait for DHCP IP (valid for 'network' block only)","description_kind":"plain","optional":true},"org":{"type":"string","description":"The name of organization to use, optional if defined at provider level. Useful when connected as sysadmin working across different organizations","description_kind":"plain","optional":true},"os_type":{"type":"string","description":"Operating System type.","description_kind":"plain","computed":true},"sizing_policy_id":{"type":"string","description":"VM sizing policy ID.","description_kind":"plain","optional":true,"computed":true},"storage_profile":{"type":"string","description":"Storage profile used with the VM","description_kind":"plain","computed":true},"vapp_name":{"type":"string","description":"The vApp this VM belongs to - Required, unless it is a standalone VM","description_kind":"plain","required":true},"vdc":{"type":"string","description":"The name of VDC to use, optional if defined at provider level","description_kind":"plain","optional":true},"vm_type":{"type":"string","description":"Type of VM: either 'vcd_vapp_vm' or 'vcd_vm'","description_kind":"plain","computed":true}},"description_kind":"plain"}},"vcd_vcenter":{"version":0,"block":{"attributes":{"connection_status":{"type":"string","description":"vCenter connection state","description_kind":"plain","computed":true},"id":{"type":"string","description_kind":"plain","optional":true,"computed":true},"is_enabled":{"type":"bool","description":"vCenter version","description_kind":"plain","computed":true},"name":{"type":"string","description":"Name of vCenter.","description_kind":"plain","required":true},"status":{"type":"string","description":"vCenter status","description_kind":"plain","computed":true},"vcenter_host":{"type":"string","description":"vCenter hostname","description_kind":"plain","computed":true},"vcenter_version":{"type":"string","description":"vCenter version","description_kind":"plain","computed":true}},"description_kind":"plain"}},"vcd_vm":{"version":0,"block":{"attributes":{"computer_name":{"type":"string","description":"Computer name assigned to this virtual machine","description_kind":"plain","computed":true},"cpu_cores":{"type":"number","description":"The number of cores per socket","description_kind":"plain","computed":true},"cpu_hot_add_enabled":{"type":"bool","description":"True if the virtual machine supports addition of virtual CPUs while powered on.","description_kind":"plain","computed":true},"cpus":{"type":"number","description":"The number of virtual CPUs to allocate to the VM","description_kind":"plain","computed":true},"customization":{"type":["list",["object",{"admin_password":"string","allow_local_admin_password":"bool","auto_generate_password":"bool","change_sid":"bool","enabled":"bool","force":"bool","initscript":"string","join_domain":"bool","join_domain_account_ou":"string","join_domain_name":"string","join_domain_password":"string","join_domain_user":"string","join_org_domain":"bool","must_change_password_on_first_login":"bool","number_of_auto_logons":"number"}]],"description":"Guest customization block","description_kind":"plain","computed":true},"description":{"type":"string","description":"The VM description","description_kind":"plain","computed":true},"disk":{"type":["set",["object",{"bus_number":"string","name":"string","size_in_mb":"number","unit_number":"string"}]],"description_kind":"plain","computed":true},"expose_hardware_virtualization":{"type":"bool","description":"Expose hardware-assisted CPU virtualization to guest OS.","description_kind":"plain","computed":true},"guest_properties":{"type":["map","string"],"description":"Key/value settings for guest properties","description_kind":"plain","computed":true},"hardware_version":{"type":"string","description":"Virtual Hardware Version.","description_kind":"plain","computed":true},"href":{"type":"string","description":"VM Hyper Reference","description_kind":"plain","computed":true},"id":{"type":"string","description_kind":"plain","optional":true,"computed":true},"internal_disk":{"type":["list",["object",{"bus_number":"number","bus_type":"string","disk_id":"string","iops":"number","size_in_mb":"number","storage_profile":"string","thin_provisioned":"bool","unit_number":"number"}]],"description":"A block will show internal disk details","description_kind":"plain","computed":true},"memory":{"type":"number","description":"The amount of RAM (in MB) to allocate to the VM","description_kind":"plain","computed":true},"memory_hot_add_enabled":{"type":"bool","description":"True if the virtual machine supports addition of memory while powered on.","description_kind":"plain","computed":true},"metadata":{"type":["map","string"],"description":"Key value map of metadata to assign to this VM","description_kind":"plain","computed":true},"name":{"type":"string","description":"A name for the VM, unique within the vApp","description_kind":"plain","required":true},"network":{"type":["list",["object",{"adapter_type":"string","connected":"bool","ip":"string","ip_allocation_mode":"string","is_primary":"bool","mac":"string","name":"string","type":"string"}]],"description_kind":"plain","computed":true},"network_dhcp_wait_seconds":{"type":"number","description":"Optional number of seconds to try and wait for DHCP IP (valid for 'network' block only)","description_kind":"plain","optional":true},"org":{"type":"string","description":"The name of organization to use, optional if defined at provider level. Useful when connected as sysadmin working across different organizations","description_kind":"plain","optional":true},"os_type":{"type":"string","description":"Operating System type.","description_kind":"plain","computed":true},"sizing_policy_id":{"type":"string","description":"VM sizing policy ID.","description_kind":"plain","optional":true,"computed":true},"storage_profile":{"type":"string","description":"Storage profile used with the VM","description_kind":"plain","computed":true},"vapp_name":{"type":"string","description":"The vApp this VM belongs to - Required, unless it is a standalone VM","description_kind":"plain","optional":true,"computed":true},"vdc":{"type":"string","description":"The name of VDC to use, optional if defined at provider level","description_kind":"plain","optional":true},"vm_type":{"type":"string","description":"Type of VM: either 'vcd_vapp_vm' or 'vcd_vm'","description_kind":"plain","computed":true}},"description":"Standalone VM","description_kind":"plain"}},"vcd_vm_affinity_rule":{"version":0,"block":{"attributes":{"enabled":{"type":"bool","description":"True if this affinity rule is enabled","description_kind":"plain","computed":true},"id":{"type":"string","description_kind":"plain","optional":true,"computed":true},"name":{"type":"string","description":"VM affinity rule name. Used to retrieve a rule only when the name is unique","description_kind":"plain","optional":true},"org":{"type":"string","description":"The name of organization to use, optional if defined at provider level. Useful when connected as sysadmin working across different organizations","description_kind":"plain","optional":true},"polarity":{"type":"string","description":"One of 'Affinity', 'Anti-Affinity'","description_kind":"plain","computed":true},"required":{"type":"bool","description":"True if this affinity rule is required. When a rule is mandatory, a host failover will not power on the VM if doing so would violate the rule","description_kind":"plain","computed":true},"rule_id":{"type":"string","description":"VM affinity rule ID. It's the preferred way of identifying a rule","description_kind":"plain","optional":true},"vdc":{"type":"string","description":"The name of VDC to use, optional if defined at provider level","description_kind":"plain","optional":true},"vm_ids":{"type":["set","string"],"description":"Set of VM IDs assigned to this rule","description_kind":"plain","computed":true}},"description_kind":"plain"}},"vcd_vm_sizing_policy":{"version":0,"block":{"attributes":{"cpu":{"type":["list",["object",{"cores_per_socket":"string","count":"string","limit_in_mhz":"string","reservation_guarantee":"string","shares":"string","speed_in_mhz":"string"}]],"description_kind":"plain","computed":true},"description":{"type":"string","description_kind":"plain","computed":true},"id":{"type":"string","description_kind":"plain","optional":true,"computed":true},"memory":{"type":["list",["object",{"limit_in_mb":"string","reservation_guarantee":"string","shares":"string","size_in_mb":"string"}]],"description_kind":"plain","computed":true},"name":{"type":"string","description_kind":"plain","required":true},"org":{"type":"string","description":"The name of organization to use, optional if defined at provider level. Useful when connected as sysadmin working across different organizations","description_kind":"plain","optional":true}},"description_kind":"plain"}}}}}}
