{"format_version":"0.2","provider_schemas":{"registry.terraform.io/vmware/avi":{"provider":{"version":0,"block":{"attributes":{"avi_api_timeout":{"type":"number","description":"Session timeout for Avi Controller.","description_kind":"plain","optional":true},"avi_authtoken":{"type":"string","description":"Avi token for Avi Controller.","description_kind":"plain","optional":true},"avi_controller":{"type":"string","description":"Avi Controller hostname or IP address.","description_kind":"plain","optional":true},"avi_password":{"type":"string","description":"Password for Avi Controller.","description_kind":"plain","optional":true},"avi_tenant":{"type":"string","description":"Avi tenant for Avi Controller.","description_kind":"plain","optional":true},"avi_username":{"type":"string","description":"Username for Avi Controller.","description_kind":"plain","optional":true},"avi_version":{"type":"string","description":"Avi version for Avi Controller.","description_kind":"plain","optional":true}},"description_kind":"plain"}},"resource_schemas":{"avi_actiongroupconfig":{"version":0,"block":{"attributes":{"action_script_config_ref":{"type":"string","description_kind":"plain","optional":true,"computed":true},"autoscale_trigger_notification":{"type":"string","description_kind":"plain","optional":true},"description":{"type":"string","description_kind":"plain","optional":true,"computed":true},"email_config_ref":{"type":"string","description_kind":"plain","optional":true,"computed":true},"external_only":{"type":"string","description_kind":"plain","required":true},"id":{"type":"string","description_kind":"plain","optional":true,"computed":true},"level":{"type":"string","description_kind":"plain","required":true},"name":{"type":"string","description_kind":"plain","required":true},"snmp_trap_profile_ref":{"type":"string","description_kind":"plain","optional":true,"computed":true},"syslog_config_ref":{"type":"string","description_kind":"plain","optional":true,"computed":true},"tenant_ref":{"type":"string","description_kind":"plain","optional":true,"computed":true},"uuid":{"type":"string","description_kind":"plain","optional":true,"computed":true}},"block_types":{"configpb_attributes":{"nesting_mode":"set","block":{"attributes":{"version":{"type":"string","description_kind":"plain","optional":true,"computed":true}},"description_kind":"plain"}}},"description_kind":"plain"}},"avi_albservicesconfig":{"version":0,"block":{"attributes":{"id":{"type":"string","description_kind":"plain","optional":true,"computed":true},"mode":{"type":"string","description_kind":"plain","optional":true},"polling_interval":{"type":"string","description_kind":"plain","optional":true},"portal_url":{"type":"string","description_kind":"plain","required":true},"use_split_proxy":{"type":"string","description_kind":"plain","optional":true},"use_tls":{"type":"string","description_kind":"plain","optional":true},"uuid":{"type":"string","description_kind":"plain","optional":true,"computed":true}},"block_types":{"app_signature_config":{"nesting_mode":"set","block":{"attributes":{"app_signature_sync_interval":{"type":"string","description_kind":"plain","optional":true}},"description_kind":"plain"},"min_items":1},"asset_contact":{"nesting_mode":"set","block":{"attributes":{"account_id":{"type":"string","description_kind":"plain","optional":true,"computed":true},"account_name":{"type":"string","description_kind":"plain","optional":true,"computed":true},"email":{"type":"string","description_kind":"plain","required":true},"name":{"type":"string","description_kind":"plain","optional":true,"computed":true},"phone":{"type":"string","description_kind":"plain","optional":true,"computed":true}},"block_types":{"managed_accounts":{"nesting_mode":"list","block":{"attributes":{"id":{"type":"string","description_kind":"plain","optional":true,"computed":true},"name":{"type":"string","description_kind":"plain","optional":true,"computed":true}},"block_types":{"users":{"nesting_mode":"list","block":{"attributes":{"email":{"type":"string","description_kind":"plain","required":true},"name":{"type":"string","description_kind":"plain","required":true},"phone":{"type":"string","description_kind":"plain","required":true}},"description_kind":"plain"}}},"description_kind":"plain"}}},"description_kind":"plain"}},"case_config":{"nesting_mode":"set","block":{"attributes":{"enable_auto_case_creation_on_controller_failure":{"type":"string","description_kind":"plain","optional":true},"enable_auto_case_creation_on_se_failure":{"type":"string","description_kind":"plain","optional":true},"enable_cleanup_of_attached_files":{"type":"string","description_kind":"plain","optional":true}},"description_kind":"plain"},"min_items":1},"configpb_attributes":{"nesting_mode":"set","block":{"attributes":{"version":{"type":"string","description_kind":"plain","optional":true,"computed":true}},"description_kind":"plain"}},"feature_opt_in_status":{"nesting_mode":"set","block":{"attributes":{"enable_appsignature_sync":{"type":"string","description_kind":"plain","optional":true},"enable_ip_reputation":{"type":"string","description_kind":"plain","optional":true},"enable_pulse_case_management":{"type":"string","description_kind":"plain","optional":true},"enable_pulse_waf_management":{"type":"string","description_kind":"plain","optional":true},"enable_user_agent_db_sync":{"type":"string","description_kind":"plain","optional":true}},"description_kind":"plain"},"min_items":1},"ip_reputation_config":{"nesting_mode":"set","block":{"attributes":{"ip_reputation_file_object_expiry_duration":{"type":"string","description_kind":"plain","optional":true},"ip_reputation_sync_interval":{"type":"string","description_kind":"plain","optional":true}},"description_kind":"plain"},"min_items":1},"split_proxy_configuration":{"nesting_mode":"set","block":{"attributes":{"host":{"type":"string","description_kind":"plain","required":true},"password":{"type":"string","description_kind":"plain","optional":true,"computed":true,"sensitive":true},"port":{"type":"string","description_kind":"plain","required":true},"username":{"type":"string","description_kind":"plain","optional":true,"computed":true}},"description_kind":"plain"}},"user_agent_db_config":{"nesting_mode":"set","block":{"attributes":{"allowed_batch_size":{"type":"string","description_kind":"plain","optional":true}},"description_kind":"plain"},"min_items":1},"waf_config":{"nesting_mode":"set","block":{"attributes":{"enable_auto_download_waf_signatures":{"type":"string","description_kind":"plain","optional":true},"enable_waf_signatures_notifications":{"type":"string","description_kind":"plain","optional":true}},"description_kind":"plain"},"min_items":1}},"description_kind":"plain"}},"avi_albservicesfileupload":{"version":0,"block":{"attributes":{"case_id":{"type":"string","description_kind":"plain","optional":true,"computed":true},"file_path":{"type":"string","description_kind":"plain","required":true},"id":{"type":"string","description_kind":"plain","optional":true,"computed":true},"name":{"type":"string","description_kind":"plain","required":true},"s3_directory":{"type":"string","description_kind":"plain","optional":true,"computed":true},"tenant_ref":{"type":"string","description_kind":"plain","optional":true,"computed":true},"uuid":{"type":"string","description_kind":"plain","optional":true,"computed":true}},"description_kind":"plain"}},"avi_alertconfig":{"version":0,"block":{"attributes":{"action_group_ref":{"type":"string","description_kind":"plain","optional":true,"computed":true},"autoscale_alert":{"type":"string","description_kind":"plain","optional":true,"computed":true},"category":{"type":"string","description_kind":"plain","required":true},"description":{"type":"string","description_kind":"plain","optional":true,"computed":true},"enabled":{"type":"string","description_kind":"plain","optional":true},"expiry_time":{"type":"string","description_kind":"plain","optional":true},"id":{"type":"string","description_kind":"plain","optional":true,"computed":true},"name":{"type":"string","description_kind":"plain","required":true},"obj_uuid":{"type":"string","description_kind":"plain","optional":true,"computed":true},"object_type":{"type":"string","description_kind":"plain","optional":true,"computed":true},"recommendation":{"type":"string","description_kind":"plain","optional":true,"computed":true},"rolling_window":{"type":"string","description_kind":"plain","optional":true},"source":{"type":"string","description_kind":"plain","required":true},"summary":{"type":"string","description_kind":"plain","optional":true,"computed":true},"tenant_ref":{"type":"string","description_kind":"plain","optional":true,"computed":true},"threshold":{"type":"string","description_kind":"plain","optional":true},"throttle":{"type":"string","description_kind":"plain","optional":true},"uuid":{"type":"string","description_kind":"plain","optional":true,"computed":true}},"block_types":{"alert_rule":{"nesting_mode":"set","block":{"attributes":{"event_match_filter":{"type":"string","description_kind":"plain","optional":true,"computed":true},"operator":{"type":"string","description_kind":"plain","optional":true}},"block_types":{"conn_app_log_rule":{"nesting_mode":"set","block":{"attributes":{"filter_action":{"type":"string","description_kind":"plain","optional":true,"computed":true},"filter_string":{"type":"string","description_kind":"plain","required":true}},"description_kind":"plain"}},"metrics_rule":{"nesting_mode":"list","block":{"attributes":{"duration":{"type":"string","description_kind":"plain","optional":true,"computed":true},"metric_id":{"type":"string","description_kind":"plain","optional":true,"computed":true}},"block_types":{"metric_threshold":{"nesting_mode":"set","block":{"attributes":{"comparator":{"type":"string","description_kind":"plain","required":true},"threshold":{"type":"string","description_kind":"plain","optional":true,"computed":true}},"description_kind":"plain"},"min_items":1}},"description_kind":"plain"}},"sys_event_rule":{"nesting_mode":"list","block":{"attributes":{"event_id":{"type":"string","description_kind":"plain","optional":true,"computed":true},"not_cond":{"type":"string","description_kind":"plain","optional":true}},"block_types":{"event_details":{"nesting_mode":"list","block":{"attributes":{"comparator":{"type":"string","description_kind":"plain","required":true},"event_details_key":{"type":"string","description_kind":"plain","required":true},"event_details_value":{"type":"string","description_kind":"plain","required":true}},"description_kind":"plain"}}},"description_kind":"plain"}}},"description_kind":"plain"},"min_items":1},"configpb_attributes":{"nesting_mode":"set","block":{"attributes":{"version":{"type":"string","description_kind":"plain","optional":true,"computed":true}},"description_kind":"plain"}}},"description_kind":"plain"}},"avi_alertemailconfig":{"version":0,"block":{"attributes":{"cc_emails":{"type":"string","description_kind":"plain","optional":true,"computed":true},"description":{"type":"string","description_kind":"plain","optional":true,"computed":true},"id":{"type":"string","description_kind":"plain","optional":true,"computed":true},"name":{"type":"string","description_kind":"plain","required":true},"tenant_ref":{"type":"string","description_kind":"plain","optional":true,"computed":true},"to_emails":{"type":"string","description_kind":"plain","required":true},"uuid":{"type":"string","description_kind":"plain","optional":true,"computed":true}},"block_types":{"configpb_attributes":{"nesting_mode":"set","block":{"attributes":{"version":{"type":"string","description_kind":"plain","optional":true,"computed":true}},"description_kind":"plain"}}},"description_kind":"plain"}},"avi_alertscriptconfig":{"version":0,"block":{"attributes":{"action_script":{"type":"string","description_kind":"plain","optional":true,"computed":true},"id":{"type":"string","description_kind":"plain","optional":true,"computed":true},"name":{"type":"string","description_kind":"plain","required":true},"tenant_ref":{"type":"string","description_kind":"plain","optional":true,"computed":true},"uuid":{"type":"string","description_kind":"plain","optional":true,"computed":true}},"block_types":{"configpb_attributes":{"nesting_mode":"set","block":{"attributes":{"version":{"type":"string","description_kind":"plain","optional":true,"computed":true}},"description_kind":"plain"}}},"description_kind":"plain"}},"avi_alertsyslogconfig":{"version":0,"block":{"attributes":{"description":{"type":"string","description_kind":"plain","optional":true,"computed":true},"id":{"type":"string","description_kind":"plain","optional":true,"computed":true},"name":{"type":"string","description_kind":"plain","required":true},"tenant_ref":{"type":"string","description_kind":"plain","optional":true,"computed":true},"uuid":{"type":"string","description_kind":"plain","optional":true,"computed":true}},"block_types":{"configpb_attributes":{"nesting_mode":"set","block":{"attributes":{"version":{"type":"string","description_kind":"plain","optional":true,"computed":true}},"description_kind":"plain"}},"syslog_servers":{"nesting_mode":"list","block":{"attributes":{"anon_auth":{"type":"string","description_kind":"plain","optional":true},"format":{"type":"string","description_kind":"plain","optional":true},"pkiprofile_ref":{"type":"string","description_kind":"plain","optional":true,"computed":true},"ssl_key_and_certificate_ref":{"type":"string","description_kind":"plain","optional":true,"computed":true},"syslog_server":{"type":"string","description_kind":"plain","required":true},"syslog_server_port":{"type":"string","description_kind":"plain","optional":true},"tls_enable":{"type":"string","description_kind":"plain","optional":true},"udp":{"type":"string","description_kind":"plain","required":true}},"description_kind":"plain"}}},"description_kind":"plain"}},"avi_analyticsprofile":{"version":0,"block":{"attributes":{"apdex_response_threshold":{"type":"string","description_kind":"plain","optional":true},"apdex_response_tolerated_factor":{"type":"string","description_kind":"plain","optional":true},"apdex_rtt_threshold":{"type":"string","description_kind":"plain","optional":true},"apdex_rtt_tolerated_factor":{"type":"string","description_kind":"plain","optional":true},"apdex_rum_threshold":{"type":"string","description_kind":"plain","optional":true},"apdex_rum_tolerated_factor":{"type":"string","description_kind":"plain","optional":true},"apdex_server_response_threshold":{"type":"string","description_kind":"plain","optional":true},"apdex_server_response_tolerated_factor":{"type":"string","description_kind":"plain","optional":true},"apdex_server_rtt_threshold":{"type":"string","description_kind":"plain","optional":true},"apdex_server_rtt_tolerated_factor":{"type":"string","description_kind":"plain","optional":true},"conn_lossy_ooo_threshold":{"type":"string","description_kind":"plain","optional":true},"conn_lossy_timeo_rexmt_threshold":{"type":"string","description_kind":"plain","optional":true},"conn_lossy_total_rexmt_threshold":{"type":"string","description_kind":"plain","optional":true},"conn_lossy_zero_win_size_event_threshold":{"type":"string","description_kind":"plain","optional":true},"conn_server_lossy_ooo_threshold":{"type":"string","description_kind":"plain","optional":true},"conn_server_lossy_timeo_rexmt_threshold":{"type":"string","description_kind":"plain","optional":true},"conn_server_lossy_total_rexmt_threshold":{"type":"string","description_kind":"plain","optional":true},"conn_server_lossy_zero_win_size_event_threshold":{"type":"string","description_kind":"plain","optional":true},"description":{"type":"string","description_kind":"plain","optional":true,"computed":true},"enable_adaptive_config":{"type":"string","description_kind":"plain","optional":true},"enable_advanced_analytics":{"type":"string","description_kind":"plain","optional":true},"enable_ondemand_metrics":{"type":"string","description_kind":"plain","optional":true},"enable_se_analytics":{"type":"string","description_kind":"plain","optional":true},"enable_server_analytics":{"type":"string","description_kind":"plain","optional":true},"enable_vs_analytics":{"type":"string","description_kind":"plain","optional":true},"exclude_client_close_before_request_as_error":{"type":"string","description_kind":"plain","optional":true},"exclude_dns_policy_drop_as_significant":{"type":"string","description_kind":"plain","optional":true},"exclude_gs_down_as_error":{"type":"string","description_kind":"plain","optional":true},"exclude_http_error_codes":{"type":["list","number"],"description_kind":"plain","optional":true},"exclude_invalid_dns_domain_as_error":{"type":"string","description_kind":"plain","optional":true},"exclude_invalid_dns_query_as_error":{"type":"string","description_kind":"plain","optional":true},"exclude_issuer_revoked_ocsp_responses_as_error":{"type":"string","description_kind":"plain","optional":true},"exclude_no_dns_record_as_error":{"type":"string","description_kind":"plain","optional":true},"exclude_no_valid_gs_member_as_error":{"type":"string","description_kind":"plain","optional":true},"exclude_persistence_change_as_error":{"type":"string","description_kind":"plain","optional":true},"exclude_revoked_ocsp_responses_as_error":{"type":"string","description_kind":"plain","optional":true},"exclude_server_dns_error_as_error":{"type":"string","description_kind":"plain","optional":true},"exclude_server_tcp_reset_as_error":{"type":"string","description_kind":"plain","optional":true},"exclude_sip_error_codes":{"type":["list","number"],"description_kind":"plain","optional":true},"exclude_stale_ocsp_responses_as_error":{"type":"string","description_kind":"plain","optional":true},"exclude_syn_retransmit_as_error":{"type":"string","description_kind":"plain","optional":true},"exclude_tcp_reset_as_error":{"type":"string","description_kind":"plain","optional":true},"exclude_unavailable_ocsp_responses_as_error":{"type":"string","description_kind":"plain","optional":true},"exclude_unsupported_dns_query_as_error":{"type":"string","description_kind":"plain","optional":true},"healthscore_max_server_limit":{"type":"string","description_kind":"plain","optional":true},"hs_event_throttle_window":{"type":"string","description_kind":"plain","optional":true},"hs_max_anomaly_penalty":{"type":"string","description_kind":"plain","optional":true},"hs_max_resources_penalty":{"type":"string","description_kind":"plain","optional":true},"hs_max_security_penalty":{"type":"string","description_kind":"plain","optional":true},"hs_min_dos_rate":{"type":"string","description_kind":"plain","optional":true},"hs_performance_boost":{"type":"string","description_kind":"plain","optional":true},"hs_pscore_traffic_threshold_l4_client":{"type":"string","description_kind":"plain","optional":true},"hs_pscore_traffic_threshold_l4_server":{"type":"string","description_kind":"plain","optional":true},"hs_security_certscore_expired":{"type":"string","description_kind":"plain","optional":true},"hs_security_certscore_gt30d":{"type":"string","description_kind":"plain","optional":true},"hs_security_certscore_le07d":{"type":"string","description_kind":"plain","optional":true},"hs_security_certscore_le30d":{"type":"string","description_kind":"plain","optional":true},"hs_security_chain_invalidity_penalty":{"type":"string","description_kind":"plain","optional":true},"hs_security_cipherscore_eq000b":{"type":"string","description_kind":"plain","optional":true},"hs_security_cipherscore_ge128b":{"type":"string","description_kind":"plain","optional":true},"hs_security_cipherscore_lt128b":{"type":"string","description_kind":"plain","optional":true},"hs_security_encalgo_score_none":{"type":"string","description_kind":"plain","optional":true},"hs_security_encalgo_score_rc4":{"type":"string","description_kind":"plain","optional":true},"hs_security_hsts_penalty":{"type":"string","description_kind":"plain","optional":true},"hs_security_nonpfs_penalty":{"type":"string","description_kind":"plain","optional":true},"hs_security_ocsp_revoked_score":{"type":"string","description_kind":"plain","optional":true},"hs_security_selfsignedcert_penalty":{"type":"string","description_kind":"plain","optional":true},"hs_security_ssl30_score":{"type":"string","description_kind":"plain","optional":true},"hs_security_tls10_score":{"type":"string","description_kind":"plain","optional":true},"hs_security_tls11_score":{"type":"string","description_kind":"plain","optional":true},"hs_security_tls12_score":{"type":"string","description_kind":"plain","optional":true},"hs_security_weak_signature_algo_penalty":{"type":"string","description_kind":"plain","optional":true},"id":{"type":"string","description_kind":"plain","optional":true,"computed":true},"name":{"type":"string","description_kind":"plain","required":true},"ondemand_metrics_idle_timeout":{"type":"string","description_kind":"plain","optional":true},"resp_code_block":{"type":["list","string"],"description_kind":"plain","optional":true},"sip_log_depth":{"type":"string","description_kind":"plain","optional":true},"tenant_ref":{"type":"string","description_kind":"plain","optional":true,"computed":true},"uuid":{"type":"string","description_kind":"plain","optional":true,"computed":true}},"block_types":{"client_log_config":{"nesting_mode":"set","block":{"attributes":{"enable_significant_log_collection":{"type":"string","description_kind":"plain","optional":true},"filtered_log_processing":{"type":"string","description_kind":"plain","optional":true},"non_significant_log_processing":{"type":"string","description_kind":"plain","optional":true},"significant_log_processing":{"type":"string","description_kind":"plain","optional":true}},"description_kind":"plain"}},"client_log_streaming_config":{"nesting_mode":"set","block":{"attributes":{"external_server":{"type":"string","description_kind":"plain","required":true},"external_server_port":{"type":"string","description_kind":"plain","optional":true},"log_types_to_send":{"type":"string","description_kind":"plain","optional":true},"max_logs_per_second":{"type":"string","description_kind":"plain","optional":true},"protocol":{"type":"string","description_kind":"plain","optional":true}},"block_types":{"format_config":{"nesting_mode":"set","block":{"attributes":{"format":{"type":"string","description_kind":"plain","required":true},"included_fields":{"type":["list","string"],"description_kind":"plain","optional":true}},"description_kind":"plain"}},"syslog_config":{"nesting_mode":"set","block":{"attributes":{"facility":{"type":"string","description_kind":"plain","optional":true},"filtered_log_severity":{"type":"string","description_kind":"plain","optional":true},"hostname":{"type":"string","description_kind":"plain","optional":true},"non_significant_log_severity":{"type":"string","description_kind":"plain","optional":true},"significant_log_severity":{"type":"string","description_kind":"plain","optional":true}},"description_kind":"plain"}}},"description_kind":"plain"}},"configpb_attributes":{"nesting_mode":"set","block":{"attributes":{"version":{"type":"string","description_kind":"plain","optional":true,"computed":true}},"description_kind":"plain"}},"latency_audit_props":{"nesting_mode":"set","block":{"attributes":{"conn_est_audit_mode":{"type":"string","description_kind":"plain","optional":true,"computed":true},"conn_est_threshold":{"type":"string","description_kind":"plain","optional":true,"computed":true},"latency_audit_mode":{"type":"string","description_kind":"plain","optional":true,"computed":true},"latency_threshold":{"type":"string","description_kind":"plain","optional":true,"computed":true}},"description_kind":"plain"}},"markers":{"nesting_mode":"list","block":{"attributes":{"key":{"type":"string","description_kind":"plain","required":true},"values":{"type":["list","string"],"description_kind":"plain","optional":true}},"description_kind":"plain"}},"ranges":{"nesting_mode":"list","block":{"attributes":{"begin":{"type":"string","description_kind":"plain","required":true},"end":{"type":"string","description_kind":"plain","required":true}},"description_kind":"plain"}},"sensitive_log_profile":{"nesting_mode":"set","block":{"block_types":{"header_field_rules":{"nesting_mode":"list","block":{"attributes":{"action":{"type":"string","description_kind":"plain","optional":true},"enabled":{"type":"string","description_kind":"plain","optional":true},"index":{"type":"string","description_kind":"plain","optional":true,"computed":true},"name":{"type":"string","description_kind":"plain","optional":true,"computed":true}},"block_types":{"match":{"nesting_mode":"set","block":{"attributes":{"match_criteria":{"type":"string","description_kind":"plain","required":true},"match_str":{"type":["list","string"],"description_kind":"plain","optional":true},"string_group_refs":{"type":["list","string"],"description_kind":"plain","optional":true}},"description_kind":"plain"}}},"description_kind":"plain"}},"uri_query_field_rules":{"nesting_mode":"list","block":{"attributes":{"action":{"type":"string","description_kind":"plain","optional":true},"enabled":{"type":"string","description_kind":"plain","optional":true},"index":{"type":"string","description_kind":"plain","optional":true,"computed":true},"name":{"type":"string","description_kind":"plain","optional":true,"computed":true}},"block_types":{"match":{"nesting_mode":"set","block":{"attributes":{"match_criteria":{"type":"string","description_kind":"plain","required":true},"match_str":{"type":["list","string"],"description_kind":"plain","optional":true},"string_group_refs":{"type":["list","string"],"description_kind":"plain","optional":true}},"description_kind":"plain"}}},"description_kind":"plain"}},"waf_field_rules":{"nesting_mode":"list","block":{"attributes":{"action":{"type":"string","description_kind":"plain","optional":true},"enabled":{"type":"string","description_kind":"plain","optional":true},"index":{"type":"string","description_kind":"plain","optional":true,"computed":true},"name":{"type":"string","description_kind":"plain","optional":true,"computed":true}},"block_types":{"match":{"nesting_mode":"set","block":{"attributes":{"match_criteria":{"type":"string","description_kind":"plain","required":true},"match_str":{"type":["list","string"],"description_kind":"plain","optional":true},"string_group_refs":{"type":["list","string"],"description_kind":"plain","optional":true}},"description_kind":"plain"}}},"description_kind":"plain"}}},"description_kind":"plain"}}},"description_kind":"plain"}},"avi_applicationpersistenceprofile":{"version":0,"block":{"attributes":{"description":{"type":"string","description_kind":"plain","optional":true,"computed":true},"id":{"type":"string","description_kind":"plain","optional":true,"computed":true},"is_federated":{"type":"string","description_kind":"plain","optional":true},"name":{"type":"string","description_kind":"plain","required":true},"persistence_type":{"type":"string","description_kind":"plain","required":true},"server_hm_down_recovery":{"type":"string","description_kind":"plain","optional":true},"tenant_ref":{"type":"string","description_kind":"plain","optional":true,"computed":true},"uuid":{"type":"string","description_kind":"plain","optional":true,"computed":true}},"block_types":{"app_cookie_persistence_profile":{"nesting_mode":"set","block":{"attributes":{"encryption_key":{"type":"string","description_kind":"plain","optional":true,"computed":true},"prst_hdr_name":{"type":"string","description_kind":"plain","required":true},"timeout":{"type":"string","description_kind":"plain","optional":true}},"description_kind":"plain"}},"configpb_attributes":{"nesting_mode":"set","block":{"attributes":{"version":{"type":"string","description_kind":"plain","optional":true,"computed":true}},"description_kind":"plain"}},"hdr_persistence_profile":{"nesting_mode":"set","block":{"attributes":{"prst_hdr_name":{"type":"string","description_kind":"plain","optional":true,"computed":true}},"description_kind":"plain"}},"http_cookie_persistence_profile":{"nesting_mode":"set","block":{"attributes":{"always_send_cookie":{"type":"string","description_kind":"plain","optional":true},"cookie_name":{"type":"string","description_kind":"plain","optional":true,"computed":true},"encryption_key":{"type":"string","description_kind":"plain","optional":true,"computed":true},"http_only":{"type":"string","description_kind":"plain","optional":true},"timeout":{"type":"string","description_kind":"plain","optional":true,"computed":true}},"block_types":{"key":{"nesting_mode":"list","block":{"attributes":{"aes_key":{"type":"string","description_kind":"plain","optional":true,"computed":true},"hmac_key":{"type":"string","description_kind":"plain","optional":true,"computed":true},"name":{"type":"string","description_kind":"plain","optional":true,"computed":true}},"description_kind":"plain"}}},"description_kind":"plain"}},"ip_persistence_profile":{"nesting_mode":"set","block":{"attributes":{"ip_mask":{"type":"string","description_kind":"plain","optional":true,"computed":true},"ip_persistent_timeout":{"type":"string","description_kind":"plain","optional":true}},"description_kind":"plain"}},"markers":{"nesting_mode":"list","block":{"attributes":{"key":{"type":"string","description_kind":"plain","required":true},"values":{"type":["list","string"],"description_kind":"plain","optional":true}},"description_kind":"plain"}}},"description_kind":"plain"}},"avi_applicationprofile":{"version":0,"block":{"attributes":{"cloud_config_cksum":{"type":"string","description_kind":"plain","optional":true,"computed":true},"created_by":{"type":"string","description_kind":"plain","optional":true,"computed":true},"description":{"type":"string","description_kind":"plain","optional":true,"computed":true},"id":{"type":"string","description_kind":"plain","optional":true,"computed":true},"name":{"type":"string","description_kind":"plain","required":true},"preserve_client_ip":{"type":"string","description_kind":"plain","optional":true},"preserve_client_port":{"type":"string","description_kind":"plain","optional":true},"preserve_dest_ip_port":{"type":"string","description_kind":"plain","optional":true},"tenant_ref":{"type":"string","description_kind":"plain","optional":true,"computed":true},"type":{"type":"string","description_kind":"plain","required":true},"uuid":{"type":"string","description_kind":"plain","optional":true,"computed":true}},"block_types":{"configpb_attributes":{"nesting_mode":"set","block":{"attributes":{"version":{"type":"string","description_kind":"plain","optional":true,"computed":true}},"description_kind":"plain"}},"dns_service_profile":{"nesting_mode":"set","block":{"attributes":{"aaaa_empty_response":{"type":"string","description_kind":"plain","optional":true},"admin_email":{"type":"string","description_kind":"plain","optional":true},"dns_over_tcp_enabled":{"type":"string","description_kind":"plain","optional":true},"domain_names":{"type":["list","string"],"description_kind":"plain","optional":true},"ecs_stripping_enabled":{"type":"string","description_kind":"plain","optional":true},"edns":{"type":"string","description_kind":"plain","optional":true},"edns_client_subnet_prefix_len":{"type":"string","description_kind":"plain","optional":true,"computed":true},"error_response":{"type":"string","description_kind":"plain","optional":true},"name_server":{"type":"string","description_kind":"plain","optional":true,"computed":true},"negative_caching_ttl":{"type":"string","description_kind":"plain","optional":true},"num_dns_ip":{"type":"string","description_kind":"plain","optional":true},"ttl":{"type":"string","description_kind":"plain","optional":true}},"block_types":{"dns_zones":{"nesting_mode":"list","block":{"attributes":{"admin_email":{"type":"string","description_kind":"plain","optional":true,"computed":true},"domain_name":{"type":"string","description_kind":"plain","required":true},"name_server":{"type":"string","description_kind":"plain","optional":true,"computed":true}},"description_kind":"plain"}}},"description_kind":"plain"}},"dos_rl_profile":{"nesting_mode":"set","block":{"block_types":{"dos_profile":{"nesting_mode":"set","block":{"attributes":{"thresh_period":{"type":"string","description_kind":"plain","required":true}},"block_types":{"thresh_info":{"nesting_mode":"list","block":{"attributes":{"attack":{"type":"string","description_kind":"plain","required":true},"max_value":{"type":"string","description_kind":"plain","required":true},"min_value":{"type":"string","description_kind":"plain","required":true}},"description_kind":"plain"}}},"description_kind":"plain"}},"rl_profile":{"nesting_mode":"set","block":{"block_types":{"client_ip_connections_rate_limit":{"nesting_mode":"set","block":{"attributes":{"explicit_tracking":{"type":"string","description_kind":"plain","optional":true},"fine_grain":{"type":"string","description_kind":"plain","optional":true},"http_cookie":{"type":"string","description_kind":"plain","optional":true,"computed":true},"http_header":{"type":"string","description_kind":"plain","optional":true,"computed":true}},"block_types":{"action":{"nesting_mode":"set","block":{"attributes":{"status_code":{"type":"string","description_kind":"plain","optional":true},"type":{"type":"string","description_kind":"plain","optional":true}},"block_types":{"file":{"nesting_mode":"set","block":{"attributes":{"content_type":{"type":"string","description_kind":"plain","required":true},"file_content":{"type":"string","description_kind":"plain","required":true},"file_length":{"type":"string","description_kind":"plain","optional":true,"computed":true}},"description_kind":"plain"}},"redirect":{"nesting_mode":"set","block":{"attributes":{"add_string":{"type":"string","description_kind":"plain","optional":true,"computed":true},"keep_query":{"type":"string","description_kind":"plain","optional":true},"port":{"type":"string","description_kind":"plain","optional":true,"computed":true},"protocol":{"type":"string","description_kind":"plain","required":true},"status_code":{"type":"string","description_kind":"plain","optional":true}},"block_types":{"host":{"nesting_mode":"set","block":{"attributes":{"type":{"type":"string","description_kind":"plain","required":true}},"block_types":{"tokens":{"nesting_mode":"list","block":{"attributes":{"end_index":{"type":"string","description_kind":"plain","optional":true,"computed":true},"start_index":{"type":"string","description_kind":"plain","optional":true,"computed":true},"str_value":{"type":"string","description_kind":"plain","optional":true,"computed":true},"type":{"type":"string","description_kind":"plain","required":true}},"description_kind":"plain"},"min_items":1}},"description_kind":"plain"}},"path":{"nesting_mode":"set","block":{"attributes":{"type":{"type":"string","description_kind":"plain","required":true}},"block_types":{"tokens":{"nesting_mode":"list","block":{"attributes":{"end_index":{"type":"string","description_kind":"plain","optional":true,"computed":true},"start_index":{"type":"string","description_kind":"plain","optional":true,"computed":true},"str_value":{"type":"string","description_kind":"plain","optional":true,"computed":true},"type":{"type":"string","description_kind":"plain","required":true}},"description_kind":"plain"},"min_items":1}},"description_kind":"plain"}}},"description_kind":"plain"}}},"description_kind":"plain"},"min_items":1},"rate_limiter":{"nesting_mode":"set","block":{"attributes":{"burst_sz":{"type":"string","description_kind":"plain","optional":true},"count":{"type":"string","description_kind":"plain","optional":true},"name":{"type":"string","description_kind":"plain","optional":true,"computed":true},"period":{"type":"string","description_kind":"plain","optional":true}},"description_kind":"plain"}}},"description_kind":"plain"}},"client_ip_failed_requests_rate_limit":{"nesting_mode":"set","block":{"attributes":{"explicit_tracking":{"type":"string","description_kind":"plain","optional":true},"fine_grain":{"type":"string","description_kind":"plain","optional":true},"http_cookie":{"type":"string","description_kind":"plain","optional":true,"computed":true},"http_header":{"type":"string","description_kind":"plain","optional":true,"computed":true}},"block_types":{"action":{"nesting_mode":"set","block":{"attributes":{"status_code":{"type":"string","description_kind":"plain","optional":true},"type":{"type":"string","description_kind":"plain","optional":true}},"block_types":{"file":{"nesting_mode":"set","block":{"attributes":{"content_type":{"type":"string","description_kind":"plain","required":true},"file_content":{"type":"string","description_kind":"plain","required":true},"file_length":{"type":"string","description_kind":"plain","optional":true,"computed":true}},"description_kind":"plain"}},"redirect":{"nesting_mode":"set","block":{"attributes":{"add_string":{"type":"string","description_kind":"plain","optional":true,"computed":true},"keep_query":{"type":"string","description_kind":"plain","optional":true},"port":{"type":"string","description_kind":"plain","optional":true,"computed":true},"protocol":{"type":"string","description_kind":"plain","required":true},"status_code":{"type":"string","description_kind":"plain","optional":true}},"block_types":{"host":{"nesting_mode":"set","block":{"attributes":{"type":{"type":"string","description_kind":"plain","required":true}},"block_types":{"tokens":{"nesting_mode":"list","block":{"attributes":{"end_index":{"type":"string","description_kind":"plain","optional":true,"computed":true},"start_index":{"type":"string","description_kind":"plain","optional":true,"computed":true},"str_value":{"type":"string","description_kind":"plain","optional":true,"computed":true},"type":{"type":"string","description_kind":"plain","required":true}},"description_kind":"plain"},"min_items":1}},"description_kind":"plain"}},"path":{"nesting_mode":"set","block":{"attributes":{"type":{"type":"string","description_kind":"plain","required":true}},"block_types":{"tokens":{"nesting_mode":"list","block":{"attributes":{"end_index":{"type":"string","description_kind":"plain","optional":true,"computed":true},"start_index":{"type":"string","description_kind":"plain","optional":true,"computed":true},"str_value":{"type":"string","description_kind":"plain","optional":true,"computed":true},"type":{"type":"string","description_kind":"plain","required":true}},"description_kind":"plain"},"min_items":1}},"description_kind":"plain"}}},"description_kind":"plain"}}},"description_kind":"plain"},"min_items":1},"rate_limiter":{"nesting_mode":"set","block":{"attributes":{"burst_sz":{"type":"string","description_kind":"plain","optional":true},"count":{"type":"string","description_kind":"plain","optional":true},"name":{"type":"string","description_kind":"plain","optional":true,"computed":true},"period":{"type":"string","description_kind":"plain","optional":true}},"description_kind":"plain"}}},"description_kind":"plain"}},"client_ip_requests_rate_limit":{"nesting_mode":"set","block":{"attributes":{"explicit_tracking":{"type":"string","description_kind":"plain","optional":true},"fine_grain":{"type":"string","description_kind":"plain","optional":true},"http_cookie":{"type":"string","description_kind":"plain","optional":true,"computed":true},"http_header":{"type":"string","description_kind":"plain","optional":true,"computed":true}},"block_types":{"action":{"nesting_mode":"set","block":{"attributes":{"status_code":{"type":"string","description_kind":"plain","optional":true},"type":{"type":"string","description_kind":"plain","optional":true}},"block_types":{"file":{"nesting_mode":"set","block":{"attributes":{"content_type":{"type":"string","description_kind":"plain","required":true},"file_content":{"type":"string","description_kind":"plain","required":true},"file_length":{"type":"string","description_kind":"plain","optional":true,"computed":true}},"description_kind":"plain"}},"redirect":{"nesting_mode":"set","block":{"attributes":{"add_string":{"type":"string","description_kind":"plain","optional":true,"computed":true},"keep_query":{"type":"string","description_kind":"plain","optional":true},"port":{"type":"string","description_kind":"plain","optional":true,"computed":true},"protocol":{"type":"string","description_kind":"plain","required":true},"status_code":{"type":"string","description_kind":"plain","optional":true}},"block_types":{"host":{"nesting_mode":"set","block":{"attributes":{"type":{"type":"string","description_kind":"plain","required":true}},"block_types":{"tokens":{"nesting_mode":"list","block":{"attributes":{"end_index":{"type":"string","description_kind":"plain","optional":true,"computed":true},"start_index":{"type":"string","description_kind":"plain","optional":true,"computed":true},"str_value":{"type":"string","description_kind":"plain","optional":true,"computed":true},"type":{"type":"string","description_kind":"plain","required":true}},"description_kind":"plain"},"min_items":1}},"description_kind":"plain"}},"path":{"nesting_mode":"set","block":{"attributes":{"type":{"type":"string","description_kind":"plain","required":true}},"block_types":{"tokens":{"nesting_mode":"list","block":{"attributes":{"end_index":{"type":"string","description_kind":"plain","optional":true,"computed":true},"start_index":{"type":"string","description_kind":"plain","optional":true,"computed":true},"str_value":{"type":"string","description_kind":"plain","optional":true,"computed":true},"type":{"type":"string","description_kind":"plain","required":true}},"description_kind":"plain"},"min_items":1}},"description_kind":"plain"}}},"description_kind":"plain"}}},"description_kind":"plain"},"min_items":1},"rate_limiter":{"nesting_mode":"set","block":{"attributes":{"burst_sz":{"type":"string","description_kind":"plain","optional":true},"count":{"type":"string","description_kind":"plain","optional":true},"name":{"type":"string","description_kind":"plain","optional":true,"computed":true},"period":{"type":"string","description_kind":"plain","optional":true}},"description_kind":"plain"}}},"description_kind":"plain"}},"client_ip_scanners_requests_rate_limit":{"nesting_mode":"set","block":{"attributes":{"explicit_tracking":{"type":"string","description_kind":"plain","optional":true},"fine_grain":{"type":"string","description_kind":"plain","optional":true},"http_cookie":{"type":"string","description_kind":"plain","optional":true,"computed":true},"http_header":{"type":"string","description_kind":"plain","optional":true,"computed":true}},"block_types":{"action":{"nesting_mode":"set","block":{"attributes":{"status_code":{"type":"string","description_kind":"plain","optional":true},"type":{"type":"string","description_kind":"plain","optional":true}},"block_types":{"file":{"nesting_mode":"set","block":{"attributes":{"content_type":{"type":"string","description_kind":"plain","required":true},"file_content":{"type":"string","description_kind":"plain","required":true},"file_length":{"type":"string","description_kind":"plain","optional":true,"computed":true}},"description_kind":"plain"}},"redirect":{"nesting_mode":"set","block":{"attributes":{"add_string":{"type":"string","description_kind":"plain","optional":true,"computed":true},"keep_query":{"type":"string","description_kind":"plain","optional":true},"port":{"type":"string","description_kind":"plain","optional":true,"computed":true},"protocol":{"type":"string","description_kind":"plain","required":true},"status_code":{"type":"string","description_kind":"plain","optional":true}},"block_types":{"host":{"nesting_mode":"set","block":{"attributes":{"type":{"type":"string","description_kind":"plain","required":true}},"block_types":{"tokens":{"nesting_mode":"list","block":{"attributes":{"end_index":{"type":"string","description_kind":"plain","optional":true,"computed":true},"start_index":{"type":"string","description_kind":"plain","optional":true,"computed":true},"str_value":{"type":"string","description_kind":"plain","optional":true,"computed":true},"type":{"type":"string","description_kind":"plain","required":true}},"description_kind":"plain"},"min_items":1}},"description_kind":"plain"}},"path":{"nesting_mode":"set","block":{"attributes":{"type":{"type":"string","description_kind":"plain","required":true}},"block_types":{"tokens":{"nesting_mode":"list","block":{"attributes":{"end_index":{"type":"string","description_kind":"plain","optional":true,"computed":true},"start_index":{"type":"string","description_kind":"plain","optional":true,"computed":true},"str_value":{"type":"string","description_kind":"plain","optional":true,"computed":true},"type":{"type":"string","description_kind":"plain","required":true}},"description_kind":"plain"},"min_items":1}},"description_kind":"plain"}}},"description_kind":"plain"}}},"description_kind":"plain"},"min_items":1},"rate_limiter":{"nesting_mode":"set","block":{"attributes":{"burst_sz":{"type":"string","description_kind":"plain","optional":true},"count":{"type":"string","description_kind":"plain","optional":true},"name":{"type":"string","description_kind":"plain","optional":true,"computed":true},"period":{"type":"string","description_kind":"plain","optional":true}},"description_kind":"plain"}}},"description_kind":"plain"}},"client_ip_to_uri_failed_requests_rate_limit":{"nesting_mode":"set","block":{"attributes":{"explicit_tracking":{"type":"string","description_kind":"plain","optional":true},"fine_grain":{"type":"string","description_kind":"plain","optional":true},"http_cookie":{"type":"string","description_kind":"plain","optional":true,"computed":true},"http_header":{"type":"string","description_kind":"plain","optional":true,"computed":true}},"block_types":{"action":{"nesting_mode":"set","block":{"attributes":{"status_code":{"type":"string","description_kind":"plain","optional":true},"type":{"type":"string","description_kind":"plain","optional":true}},"block_types":{"file":{"nesting_mode":"set","block":{"attributes":{"content_type":{"type":"string","description_kind":"plain","required":true},"file_content":{"type":"string","description_kind":"plain","required":true},"file_length":{"type":"string","description_kind":"plain","optional":true,"computed":true}},"description_kind":"plain"}},"redirect":{"nesting_mode":"set","block":{"attributes":{"add_string":{"type":"string","description_kind":"plain","optional":true,"computed":true},"keep_query":{"type":"string","description_kind":"plain","optional":true},"port":{"type":"string","description_kind":"plain","optional":true,"computed":true},"protocol":{"type":"string","description_kind":"plain","required":true},"status_code":{"type":"string","description_kind":"plain","optional":true}},"block_types":{"host":{"nesting_mode":"set","block":{"attributes":{"type":{"type":"string","description_kind":"plain","required":true}},"block_types":{"tokens":{"nesting_mode":"list","block":{"attributes":{"end_index":{"type":"string","description_kind":"plain","optional":true,"computed":true},"start_index":{"type":"string","description_kind":"plain","optional":true,"computed":true},"str_value":{"type":"string","description_kind":"plain","optional":true,"computed":true},"type":{"type":"string","description_kind":"plain","required":true}},"description_kind":"plain"},"min_items":1}},"description_kind":"plain"}},"path":{"nesting_mode":"set","block":{"attributes":{"type":{"type":"string","description_kind":"plain","required":true}},"block_types":{"tokens":{"nesting_mode":"list","block":{"attributes":{"end_index":{"type":"string","description_kind":"plain","optional":true,"computed":true},"start_index":{"type":"string","description_kind":"plain","optional":true,"computed":true},"str_value":{"type":"string","description_kind":"plain","optional":true,"computed":true},"type":{"type":"string","description_kind":"plain","required":true}},"description_kind":"plain"},"min_items":1}},"description_kind":"plain"}}},"description_kind":"plain"}}},"description_kind":"plain"},"min_items":1},"rate_limiter":{"nesting_mode":"set","block":{"attributes":{"burst_sz":{"type":"string","description_kind":"plain","optional":true},"count":{"type":"string","description_kind":"plain","optional":true},"name":{"type":"string","description_kind":"plain","optional":true,"computed":true},"period":{"type":"string","description_kind":"plain","optional":true}},"description_kind":"plain"}}},"description_kind":"plain"}},"client_ip_to_uri_requests_rate_limit":{"nesting_mode":"set","block":{"attributes":{"explicit_tracking":{"type":"string","description_kind":"plain","optional":true},"fine_grain":{"type":"string","description_kind":"plain","optional":true},"http_cookie":{"type":"string","description_kind":"plain","optional":true,"computed":true},"http_header":{"type":"string","description_kind":"plain","optional":true,"computed":true}},"block_types":{"action":{"nesting_mode":"set","block":{"attributes":{"status_code":{"type":"string","description_kind":"plain","optional":true},"type":{"type":"string","description_kind":"plain","optional":true}},"block_types":{"file":{"nesting_mode":"set","block":{"attributes":{"content_type":{"type":"string","description_kind":"plain","required":true},"file_content":{"type":"string","description_kind":"plain","required":true},"file_length":{"type":"string","description_kind":"plain","optional":true,"computed":true}},"description_kind":"plain"}},"redirect":{"nesting_mode":"set","block":{"attributes":{"add_string":{"type":"string","description_kind":"plain","optional":true,"computed":true},"keep_query":{"type":"string","description_kind":"plain","optional":true},"port":{"type":"string","description_kind":"plain","optional":true,"computed":true},"protocol":{"type":"string","description_kind":"plain","required":true},"status_code":{"type":"string","description_kind":"plain","optional":true}},"block_types":{"host":{"nesting_mode":"set","block":{"attributes":{"type":{"type":"string","description_kind":"plain","required":true}},"block_types":{"tokens":{"nesting_mode":"list","block":{"attributes":{"end_index":{"type":"string","description_kind":"plain","optional":true,"computed":true},"start_index":{"type":"string","description_kind":"plain","optional":true,"computed":true},"str_value":{"type":"string","description_kind":"plain","optional":true,"computed":true},"type":{"type":"string","description_kind":"plain","required":true}},"description_kind":"plain"},"min_items":1}},"description_kind":"plain"}},"path":{"nesting_mode":"set","block":{"attributes":{"type":{"type":"string","description_kind":"plain","required":true}},"block_types":{"tokens":{"nesting_mode":"list","block":{"attributes":{"end_index":{"type":"string","description_kind":"plain","optional":true,"computed":true},"start_index":{"type":"string","description_kind":"plain","optional":true,"computed":true},"str_value":{"type":"string","description_kind":"plain","optional":true,"computed":true},"type":{"type":"string","description_kind":"plain","required":true}},"description_kind":"plain"},"min_items":1}},"description_kind":"plain"}}},"description_kind":"plain"}}},"description_kind":"plain"},"min_items":1},"rate_limiter":{"nesting_mode":"set","block":{"attributes":{"burst_sz":{"type":"string","description_kind":"plain","optional":true},"count":{"type":"string","description_kind":"plain","optional":true},"name":{"type":"string","description_kind":"plain","optional":true,"computed":true},"period":{"type":"string","description_kind":"plain","optional":true}},"description_kind":"plain"}}},"description_kind":"plain"}},"custom_requests_rate_limit":{"nesting_mode":"set","block":{"attributes":{"explicit_tracking":{"type":"string","description_kind":"plain","optional":true},"fine_grain":{"type":"string","description_kind":"plain","optional":true},"http_cookie":{"type":"string","description_kind":"plain","optional":true,"computed":true},"http_header":{"type":"string","description_kind":"plain","optional":true,"computed":true}},"block_types":{"action":{"nesting_mode":"set","block":{"attributes":{"status_code":{"type":"string","description_kind":"plain","optional":true},"type":{"type":"string","description_kind":"plain","optional":true}},"block_types":{"file":{"nesting_mode":"set","block":{"attributes":{"content_type":{"type":"string","description_kind":"plain","required":true},"file_content":{"type":"string","description_kind":"plain","required":true},"file_length":{"type":"string","description_kind":"plain","optional":true,"computed":true}},"description_kind":"plain"}},"redirect":{"nesting_mode":"set","block":{"attributes":{"add_string":{"type":"string","description_kind":"plain","optional":true,"computed":true},"keep_query":{"type":"string","description_kind":"plain","optional":true},"port":{"type":"string","description_kind":"plain","optional":true,"computed":true},"protocol":{"type":"string","description_kind":"plain","required":true},"status_code":{"type":"string","description_kind":"plain","optional":true}},"block_types":{"host":{"nesting_mode":"set","block":{"attributes":{"type":{"type":"string","description_kind":"plain","required":true}},"block_types":{"tokens":{"nesting_mode":"list","block":{"attributes":{"end_index":{"type":"string","description_kind":"plain","optional":true,"computed":true},"start_index":{"type":"string","description_kind":"plain","optional":true,"computed":true},"str_value":{"type":"string","description_kind":"plain","optional":true,"computed":true},"type":{"type":"string","description_kind":"plain","required":true}},"description_kind":"plain"},"min_items":1}},"description_kind":"plain"}},"path":{"nesting_mode":"set","block":{"attributes":{"type":{"type":"string","description_kind":"plain","required":true}},"block_types":{"tokens":{"nesting_mode":"list","block":{"attributes":{"end_index":{"type":"string","description_kind":"plain","optional":true,"computed":true},"start_index":{"type":"string","description_kind":"plain","optional":true,"computed":true},"str_value":{"type":"string","description_kind":"plain","optional":true,"computed":true},"type":{"type":"string","description_kind":"plain","required":true}},"description_kind":"plain"},"min_items":1}},"description_kind":"plain"}}},"description_kind":"plain"}}},"description_kind":"plain"},"min_items":1},"rate_limiter":{"nesting_mode":"set","block":{"attributes":{"burst_sz":{"type":"string","description_kind":"plain","optional":true},"count":{"type":"string","description_kind":"plain","optional":true},"name":{"type":"string","description_kind":"plain","optional":true,"computed":true},"period":{"type":"string","description_kind":"plain","optional":true}},"description_kind":"plain"}}},"description_kind":"plain"}},"http_header_rate_limits":{"nesting_mode":"list","block":{"attributes":{"explicit_tracking":{"type":"string","description_kind":"plain","optional":true},"fine_grain":{"type":"string","description_kind":"plain","optional":true},"http_cookie":{"type":"string","description_kind":"plain","optional":true,"computed":true},"http_header":{"type":"string","description_kind":"plain","optional":true,"computed":true}},"block_types":{"action":{"nesting_mode":"set","block":{"attributes":{"status_code":{"type":"string","description_kind":"plain","optional":true},"type":{"type":"string","description_kind":"plain","optional":true}},"block_types":{"file":{"nesting_mode":"set","block":{"attributes":{"content_type":{"type":"string","description_kind":"plain","required":true},"file_content":{"type":"string","description_kind":"plain","required":true},"file_length":{"type":"string","description_kind":"plain","optional":true,"computed":true}},"description_kind":"plain"}},"redirect":{"nesting_mode":"set","block":{"attributes":{"add_string":{"type":"string","description_kind":"plain","optional":true,"computed":true},"keep_query":{"type":"string","description_kind":"plain","optional":true},"port":{"type":"string","description_kind":"plain","optional":true,"computed":true},"protocol":{"type":"string","description_kind":"plain","required":true},"status_code":{"type":"string","description_kind":"plain","optional":true}},"block_types":{"host":{"nesting_mode":"set","block":{"attributes":{"type":{"type":"string","description_kind":"plain","required":true}},"block_types":{"tokens":{"nesting_mode":"list","block":{"attributes":{"end_index":{"type":"string","description_kind":"plain","optional":true,"computed":true},"start_index":{"type":"string","description_kind":"plain","optional":true,"computed":true},"str_value":{"type":"string","description_kind":"plain","optional":true,"computed":true},"type":{"type":"string","description_kind":"plain","required":true}},"description_kind":"plain"},"min_items":1}},"description_kind":"plain"}},"path":{"nesting_mode":"set","block":{"attributes":{"type":{"type":"string","description_kind":"plain","required":true}},"block_types":{"tokens":{"nesting_mode":"list","block":{"attributes":{"end_index":{"type":"string","description_kind":"plain","optional":true,"computed":true},"start_index":{"type":"string","description_kind":"plain","optional":true,"computed":true},"str_value":{"type":"string","description_kind":"plain","optional":true,"computed":true},"type":{"type":"string","description_kind":"plain","required":true}},"description_kind":"plain"},"min_items":1}},"description_kind":"plain"}}},"description_kind":"plain"}}},"description_kind":"plain"},"min_items":1},"rate_limiter":{"nesting_mode":"set","block":{"attributes":{"burst_sz":{"type":"string","description_kind":"plain","optional":true},"count":{"type":"string","description_kind":"plain","optional":true},"name":{"type":"string","description_kind":"plain","optional":true,"computed":true},"period":{"type":"string","description_kind":"plain","optional":true}},"description_kind":"plain"}}},"description_kind":"plain"}},"uri_failed_requests_rate_limit":{"nesting_mode":"set","block":{"attributes":{"explicit_tracking":{"type":"string","description_kind":"plain","optional":true},"fine_grain":{"type":"string","description_kind":"plain","optional":true},"http_cookie":{"type":"string","description_kind":"plain","optional":true,"computed":true},"http_header":{"type":"string","description_kind":"plain","optional":true,"computed":true}},"block_types":{"action":{"nesting_mode":"set","block":{"attributes":{"status_code":{"type":"string","description_kind":"plain","optional":true},"type":{"type":"string","description_kind":"plain","optional":true}},"block_types":{"file":{"nesting_mode":"set","block":{"attributes":{"content_type":{"type":"string","description_kind":"plain","required":true},"file_content":{"type":"string","description_kind":"plain","required":true},"file_length":{"type":"string","description_kind":"plain","optional":true,"computed":true}},"description_kind":"plain"}},"redirect":{"nesting_mode":"set","block":{"attributes":{"add_string":{"type":"string","description_kind":"plain","optional":true,"computed":true},"keep_query":{"type":"string","description_kind":"plain","optional":true},"port":{"type":"string","description_kind":"plain","optional":true,"computed":true},"protocol":{"type":"string","description_kind":"plain","required":true},"status_code":{"type":"string","description_kind":"plain","optional":true}},"block_types":{"host":{"nesting_mode":"set","block":{"attributes":{"type":{"type":"string","description_kind":"plain","required":true}},"block_types":{"tokens":{"nesting_mode":"list","block":{"attributes":{"end_index":{"type":"string","description_kind":"plain","optional":true,"computed":true},"start_index":{"type":"string","description_kind":"plain","optional":true,"computed":true},"str_value":{"type":"string","description_kind":"plain","optional":true,"computed":true},"type":{"type":"string","description_kind":"plain","required":true}},"description_kind":"plain"},"min_items":1}},"description_kind":"plain"}},"path":{"nesting_mode":"set","block":{"attributes":{"type":{"type":"string","description_kind":"plain","required":true}},"block_types":{"tokens":{"nesting_mode":"list","block":{"attributes":{"end_index":{"type":"string","description_kind":"plain","optional":true,"computed":true},"start_index":{"type":"string","description_kind":"plain","optional":true,"computed":true},"str_value":{"type":"string","description_kind":"plain","optional":true,"computed":true},"type":{"type":"string","description_kind":"plain","required":true}},"description_kind":"plain"},"min_items":1}},"description_kind":"plain"}}},"description_kind":"plain"}}},"description_kind":"plain"},"min_items":1},"rate_limiter":{"nesting_mode":"set","block":{"attributes":{"burst_sz":{"type":"string","description_kind":"plain","optional":true},"count":{"type":"string","description_kind":"plain","optional":true},"name":{"type":"string","description_kind":"plain","optional":true,"computed":true},"period":{"type":"string","description_kind":"plain","optional":true}},"description_kind":"plain"}}},"description_kind":"plain"}},"uri_requests_rate_limit":{"nesting_mode":"set","block":{"attributes":{"explicit_tracking":{"type":"string","description_kind":"plain","optional":true},"fine_grain":{"type":"string","description_kind":"plain","optional":true},"http_cookie":{"type":"string","description_kind":"plain","optional":true,"computed":true},"http_header":{"type":"string","description_kind":"plain","optional":true,"computed":true}},"block_types":{"action":{"nesting_mode":"set","block":{"attributes":{"status_code":{"type":"string","description_kind":"plain","optional":true},"type":{"type":"string","description_kind":"plain","optional":true}},"block_types":{"file":{"nesting_mode":"set","block":{"attributes":{"content_type":{"type":"string","description_kind":"plain","required":true},"file_content":{"type":"string","description_kind":"plain","required":true},"file_length":{"type":"string","description_kind":"plain","optional":true,"computed":true}},"description_kind":"plain"}},"redirect":{"nesting_mode":"set","block":{"attributes":{"add_string":{"type":"string","description_kind":"plain","optional":true,"computed":true},"keep_query":{"type":"string","description_kind":"plain","optional":true},"port":{"type":"string","description_kind":"plain","optional":true,"computed":true},"protocol":{"type":"string","description_kind":"plain","required":true},"status_code":{"type":"string","description_kind":"plain","optional":true}},"block_types":{"host":{"nesting_mode":"set","block":{"attributes":{"type":{"type":"string","description_kind":"plain","required":true}},"block_types":{"tokens":{"nesting_mode":"list","block":{"attributes":{"end_index":{"type":"string","description_kind":"plain","optional":true,"computed":true},"start_index":{"type":"string","description_kind":"plain","optional":true,"computed":true},"str_value":{"type":"string","description_kind":"plain","optional":true,"computed":true},"type":{"type":"string","description_kind":"plain","required":true}},"description_kind":"plain"},"min_items":1}},"description_kind":"plain"}},"path":{"nesting_mode":"set","block":{"attributes":{"type":{"type":"string","description_kind":"plain","required":true}},"block_types":{"tokens":{"nesting_mode":"list","block":{"attributes":{"end_index":{"type":"string","description_kind":"plain","optional":true,"computed":true},"start_index":{"type":"string","description_kind":"plain","optional":true,"computed":true},"str_value":{"type":"string","description_kind":"plain","optional":true,"computed":true},"type":{"type":"string","description_kind":"plain","required":true}},"description_kind":"plain"},"min_items":1}},"description_kind":"plain"}}},"description_kind":"plain"}}},"description_kind":"plain"},"min_items":1},"rate_limiter":{"nesting_mode":"set","block":{"attributes":{"burst_sz":{"type":"string","description_kind":"plain","optional":true},"count":{"type":"string","description_kind":"plain","optional":true},"name":{"type":"string","description_kind":"plain","optional":true,"computed":true},"period":{"type":"string","description_kind":"plain","optional":true}},"description_kind":"plain"}}},"description_kind":"plain"}},"uri_scanners_requests_rate_limit":{"nesting_mode":"set","block":{"attributes":{"explicit_tracking":{"type":"string","description_kind":"plain","optional":true},"fine_grain":{"type":"string","description_kind":"plain","optional":true},"http_cookie":{"type":"string","description_kind":"plain","optional":true,"computed":true},"http_header":{"type":"string","description_kind":"plain","optional":true,"computed":true}},"block_types":{"action":{"nesting_mode":"set","block":{"attributes":{"status_code":{"type":"string","description_kind":"plain","optional":true},"type":{"type":"string","description_kind":"plain","optional":true}},"block_types":{"file":{"nesting_mode":"set","block":{"attributes":{"content_type":{"type":"string","description_kind":"plain","required":true},"file_content":{"type":"string","description_kind":"plain","required":true},"file_length":{"type":"string","description_kind":"plain","optional":true,"computed":true}},"description_kind":"plain"}},"redirect":{"nesting_mode":"set","block":{"attributes":{"add_string":{"type":"string","description_kind":"plain","optional":true,"computed":true},"keep_query":{"type":"string","description_kind":"plain","optional":true},"port":{"type":"string","description_kind":"plain","optional":true,"computed":true},"protocol":{"type":"string","description_kind":"plain","required":true},"status_code":{"type":"string","description_kind":"plain","optional":true}},"block_types":{"host":{"nesting_mode":"set","block":{"attributes":{"type":{"type":"string","description_kind":"plain","required":true}},"block_types":{"tokens":{"nesting_mode":"list","block":{"attributes":{"end_index":{"type":"string","description_kind":"plain","optional":true,"computed":true},"start_index":{"type":"string","description_kind":"plain","optional":true,"computed":true},"str_value":{"type":"string","description_kind":"plain","optional":true,"computed":true},"type":{"type":"string","description_kind":"plain","required":true}},"description_kind":"plain"},"min_items":1}},"description_kind":"plain"}},"path":{"nesting_mode":"set","block":{"attributes":{"type":{"type":"string","description_kind":"plain","required":true}},"block_types":{"tokens":{"nesting_mode":"list","block":{"attributes":{"end_index":{"type":"string","description_kind":"plain","optional":true,"computed":true},"start_index":{"type":"string","description_kind":"plain","optional":true,"computed":true},"str_value":{"type":"string","description_kind":"plain","optional":true,"computed":true},"type":{"type":"string","description_kind":"plain","required":true}},"description_kind":"plain"},"min_items":1}},"description_kind":"plain"}}},"description_kind":"plain"}}},"description_kind":"plain"},"min_items":1},"rate_limiter":{"nesting_mode":"set","block":{"attributes":{"burst_sz":{"type":"string","description_kind":"plain","optional":true},"count":{"type":"string","description_kind":"plain","optional":true},"name":{"type":"string","description_kind":"plain","optional":true,"computed":true},"period":{"type":"string","description_kind":"plain","optional":true}},"description_kind":"plain"}}},"description_kind":"plain"}}},"description_kind":"plain"}}},"description_kind":"plain"}},"http_profile":{"nesting_mode":"set","block":{"attributes":{"allow_dots_in_header_name":{"type":"string","description_kind":"plain","optional":true},"client_body_timeout":{"type":"string","description_kind":"plain","optional":true},"client_header_timeout":{"type":"string","description_kind":"plain","optional":true},"client_max_body_size":{"type":"string","description_kind":"plain","optional":true},"client_max_header_size":{"type":"string","description_kind":"plain","optional":true},"client_max_request_size":{"type":"string","description_kind":"plain","optional":true},"connection_multiplexing_enabled":{"type":"string","description_kind":"plain","optional":true},"detect_ntlm_app":{"type":"string","description_kind":"plain","optional":true},"disable_keepalive_posts_msie6":{"type":"string","description_kind":"plain","optional":true},"disable_sni_hostname_check":{"type":"string","description_kind":"plain","optional":true},"enable_chunk_merge":{"type":"string","description_kind":"plain","optional":true},"enable_fire_and_forget":{"type":"string","description_kind":"plain","optional":true},"enable_request_body_buffering":{"type":"string","description_kind":"plain","optional":true},"enable_request_body_metrics":{"type":"string","description_kind":"plain","optional":true},"fwd_close_hdr_for_bound_connections":{"type":"string","description_kind":"plain","optional":true},"hsts_enabled":{"type":"string","description_kind":"plain","optional":true},"hsts_max_age":{"type":"string","description_kind":"plain","optional":true},"hsts_subdomains_enabled":{"type":"string","description_kind":"plain","optional":true},"http_to_https":{"type":"string","description_kind":"plain","optional":true},"http_upstream_buffer_size":{"type":"string","description_kind":"plain","optional":true},"httponly_enabled":{"type":"string","description_kind":"plain","optional":true},"keepalive_header":{"type":"string","description_kind":"plain","optional":true},"keepalive_timeout":{"type":"string","description_kind":"plain","optional":true},"max_bad_rps_cip":{"type":"string","description_kind":"plain","optional":true},"max_bad_rps_cip_uri":{"type":"string","description_kind":"plain","optional":true},"max_bad_rps_uri":{"type":"string","description_kind":"plain","optional":true},"max_keepalive_requests":{"type":"string","description_kind":"plain","optional":true},"max_response_headers_size":{"type":"string","description_kind":"plain","optional":true},"max_rps_cip":{"type":"string","description_kind":"plain","optional":true},"max_rps_cip_uri":{"type":"string","description_kind":"plain","optional":true},"max_rps_unknown_cip":{"type":"string","description_kind":"plain","optional":true},"max_rps_unknown_uri":{"type":"string","description_kind":"plain","optional":true},"max_rps_uri":{"type":"string","description_kind":"plain","optional":true},"pki_profile_ref":{"type":"string","description_kind":"plain","optional":true,"computed":true},"post_accept_timeout":{"type":"string","description_kind":"plain","optional":true},"reset_conn_http_on_ssl_port":{"type":"string","description_kind":"plain","optional":true},"respond_with_100_continue":{"type":"string","description_kind":"plain","optional":true},"secure_cookie_enabled":{"type":"string","description_kind":"plain","optional":true},"server_side_redirect_to_https":{"type":"string","description_kind":"plain","optional":true},"ssl_client_certificate_mode":{"type":"string","description_kind":"plain","optional":true},"use_app_keepalive_timeout":{"type":"string","description_kind":"plain","optional":true},"websockets_enabled":{"type":"string","description_kind":"plain","optional":true},"x_forwarded_proto_enabled":{"type":"string","description_kind":"plain","optional":true},"xff_alternate_name":{"type":"string","description_kind":"plain","optional":true},"xff_enabled":{"type":"string","description_kind":"plain","optional":true}},"block_types":{"cache_config":{"nesting_mode":"set","block":{"attributes":{"age_header":{"type":"string","description_kind":"plain","optional":true},"aggressive":{"type":"string","description_kind":"plain","optional":true},"date_header":{"type":"string","description_kind":"plain","optional":true},"default_expire":{"type":"string","description_kind":"plain","optional":true},"enabled":{"type":"string","description_kind":"plain","optional":true},"heuristic_expire":{"type":"string","description_kind":"plain","optional":true},"ignore_request_cache_control":{"type":"string","description_kind":"plain","optional":true},"max_cache_size":{"type":"string","description_kind":"plain","optional":true},"max_object_size":{"type":"string","description_kind":"plain","optional":true},"mime_types_block_group_refs":{"type":["list","string"],"description_kind":"plain","optional":true},"mime_types_block_lists":{"type":["list","string"],"description_kind":"plain","optional":true},"mime_types_group_refs":{"type":["list","string"],"description_kind":"plain","optional":true},"mime_types_list":{"type":["list","string"],"description_kind":"plain","optional":true},"min_object_size":{"type":"string","description_kind":"plain","optional":true},"query_cacheable":{"type":"string","description_kind":"plain","optional":true},"xcache_header":{"type":"string","description_kind":"plain","optional":true}},"block_types":{"uri_non_cacheable":{"nesting_mode":"set","block":{"attributes":{"match_case":{"type":"string","description_kind":"plain","optional":true},"match_criteria":{"type":"string","description_kind":"plain","required":true},"match_str":{"type":["list","string"],"description_kind":"plain","optional":true},"string_group_refs":{"type":["list","string"],"description_kind":"plain","optional":true}},"description_kind":"plain"}}},"description_kind":"plain"}},"compression_profile":{"nesting_mode":"set","block":{"attributes":{"buf_num":{"type":"string","description_kind":"plain","optional":true},"buf_size":{"type":"string","description_kind":"plain","optional":true},"compressible_content_ref":{"type":"string","description_kind":"plain","optional":true,"computed":true},"compression":{"type":"string","description_kind":"plain","required":true},"hash_size":{"type":"string","description_kind":"plain","optional":true},"level_aggressive":{"type":"string","description_kind":"plain","optional":true},"level_normal":{"type":"string","description_kind":"plain","optional":true},"max_low_rtt":{"type":"string","description_kind":"plain","optional":true},"min_high_rtt":{"type":"string","description_kind":"plain","optional":true},"min_length":{"type":"string","description_kind":"plain","optional":true},"mobile_str_ref":{"type":"string","description_kind":"plain","optional":true,"computed":true},"remove_accept_encoding_header":{"type":"string","description_kind":"plain","required":true},"type":{"type":"string","description_kind":"plain","required":true},"window_size":{"type":"string","description_kind":"plain","optional":true}},"block_types":{"filter":{"nesting_mode":"list","block":{"attributes":{"devices_ref":{"type":"string","description_kind":"plain","optional":true,"computed":true},"index":{"type":"string","description_kind":"plain","required":true},"ip_addrs_ref":{"type":"string","description_kind":"plain","optional":true,"computed":true},"level":{"type":"string","description_kind":"plain","required":true},"match":{"type":"string","description_kind":"plain","optional":true},"name":{"type":"string","description_kind":"plain","required":true},"user_agent":{"type":["list","string"],"description_kind":"plain","optional":true}},"block_types":{"ip_addr_prefixes":{"nesting_mode":"list","block":{"attributes":{"mask":{"type":"string","description_kind":"plain","required":true}},"block_types":{"ip_addr":{"nesting_mode":"set","block":{"attributes":{"addr":{"type":"string","description_kind":"plain","required":true},"type":{"type":"string","description_kind":"plain","required":true}},"description_kind":"plain"},"min_items":1}},"description_kind":"plain"}},"ip_addr_ranges":{"nesting_mode":"list","block":{"block_types":{"begin":{"nesting_mode":"set","block":{"attributes":{"addr":{"type":"string","description_kind":"plain","required":true},"type":{"type":"string","description_kind":"plain","required":true}},"description_kind":"plain"},"min_items":1},"end":{"nesting_mode":"set","block":{"attributes":{"addr":{"type":"string","description_kind":"plain","required":true},"type":{"type":"string","description_kind":"plain","required":true}},"description_kind":"plain"},"min_items":1}},"description_kind":"plain"}},"ip_addrs":{"nesting_mode":"list","block":{"attributes":{"addr":{"type":"string","description_kind":"plain","required":true},"type":{"type":"string","description_kind":"plain","required":true}},"description_kind":"plain"}}},"description_kind":"plain"}}},"description_kind":"plain"}},"http2_profile":{"nesting_mode":"set","block":{"attributes":{"http2_initial_window_size":{"type":"string","description_kind":"plain","optional":true},"max_http2_concurrent_streams_per_connection":{"type":"string","description_kind":"plain","optional":true},"max_http2_control_frames_per_connection":{"type":"string","description_kind":"plain","optional":true},"max_http2_empty_data_frames_per_connection":{"type":"string","description_kind":"plain","optional":true},"max_http2_header_field_size":{"type":"string","description_kind":"plain","optional":true},"max_http2_queued_frames_to_client_per_connection":{"type":"string","description_kind":"plain","optional":true},"max_http2_requests_per_connection":{"type":"string","description_kind":"plain","optional":true}},"description_kind":"plain"}},"ssl_client_certificate_action":{"nesting_mode":"set","block":{"attributes":{"close_connection":{"type":"string","description_kind":"plain","optional":true}},"block_types":{"headers":{"nesting_mode":"list","block":{"attributes":{"request_header":{"type":"string","description_kind":"plain","optional":true,"computed":true},"request_header_value":{"type":"string","description_kind":"plain","optional":true,"computed":true}},"description_kind":"plain"}}},"description_kind":"plain"}}},"description_kind":"plain"}},"markers":{"nesting_mode":"list","block":{"attributes":{"key":{"type":"string","description_kind":"plain","required":true},"values":{"type":["list","string"],"description_kind":"plain","optional":true}},"description_kind":"plain"}},"sip_service_profile":{"nesting_mode":"set","block":{"attributes":{"transaction_timeout":{"type":"string","description_kind":"plain","optional":true}},"description_kind":"plain"}},"tcp_app_profile":{"nesting_mode":"set","block":{"attributes":{"pki_profile_ref":{"type":"string","description_kind":"plain","optional":true,"computed":true},"proxy_protocol_enabled":{"type":"string","description_kind":"plain","optional":true},"proxy_protocol_version":{"type":"string","description_kind":"plain","optional":true},"ssl_client_certificate_mode":{"type":"string","description_kind":"plain","optional":true}},"description_kind":"plain"}}},"description_kind":"plain"}},"avi_authprofile":{"version":0,"block":{"attributes":{"description":{"type":"string","description_kind":"plain","optional":true,"computed":true},"id":{"type":"string","description_kind":"plain","optional":true,"computed":true},"jwt_profile_ref":{"type":"string","description_kind":"plain","optional":true,"computed":true},"name":{"type":"string","description_kind":"plain","required":true},"pa_agent_ref":{"type":"string","description_kind":"plain","optional":true,"computed":true},"tenant_ref":{"type":"string","description_kind":"plain","optional":true,"computed":true},"type":{"type":"string","description_kind":"plain","required":true},"uuid":{"type":"string","description_kind":"plain","optional":true,"computed":true}},"block_types":{"configpb_attributes":{"nesting_mode":"set","block":{"attributes":{"version":{"type":"string","description_kind":"plain","optional":true,"computed":true}},"description_kind":"plain"}},"http":{"nesting_mode":"set","block":{"attributes":{"cache_expiration_time":{"type":"string","description_kind":"plain","optional":true},"request_header":{"type":"string","description_kind":"plain","optional":true,"computed":true},"require_user_groups":{"type":["list","string"],"description_kind":"plain","optional":true}},"description_kind":"plain"}},"ldap":{"nesting_mode":"set","block":{"attributes":{"base_dn":{"type":"string","description_kind":"plain","optional":true,"computed":true},"bind_as_administrator":{"type":"string","description_kind":"plain","optional":true},"email_attribute":{"type":"string","description_kind":"plain","optional":true},"full_name_attribute":{"type":"string","description_kind":"plain","optional":true},"port":{"type":"string","description_kind":"plain","optional":true},"security_mode":{"type":"string","description_kind":"plain","optional":true,"computed":true},"server":{"type":["list","string"],"description_kind":"plain","required":true}},"block_types":{"settings":{"nesting_mode":"set","block":{"attributes":{"admin_bind_dn":{"type":"string","description_kind":"plain","optional":true,"computed":true},"group_filter":{"type":"string","description_kind":"plain","optional":true},"group_member_attribute":{"type":"string","description_kind":"plain","optional":true},"group_member_is_full_dn":{"type":"string","description_kind":"plain","optional":true},"group_search_dn":{"type":"string","description_kind":"plain","optional":true,"computed":true},"group_search_scope":{"type":"string","description_kind":"plain","optional":true},"ignore_referrals":{"type":"string","description_kind":"plain","optional":true},"password":{"type":"string","description_kind":"plain","optional":true,"computed":true,"sensitive":true},"user_attributes":{"type":["list","string"],"description_kind":"plain","optional":true},"user_id_attribute":{"type":"string","description_kind":"plain","optional":true,"computed":true},"user_search_dn":{"type":"string","description_kind":"plain","optional":true,"computed":true},"user_search_scope":{"type":"string","description_kind":"plain","optional":true}},"description_kind":"plain"}},"user_bind":{"nesting_mode":"set","block":{"attributes":{"dn_template":{"type":"string","description_kind":"plain","optional":true,"computed":true},"token":{"type":"string","description_kind":"plain","optional":true},"user_attributes":{"type":["list","string"],"description_kind":"plain","optional":true},"user_id_attribute":{"type":"string","description_kind":"plain","optional":true,"computed":true}},"description_kind":"plain"}}},"description_kind":"plain"}},"markers":{"nesting_mode":"list","block":{"attributes":{"key":{"type":"string","description_kind":"plain","required":true},"values":{"type":["list","string"],"description_kind":"plain","optional":true}},"description_kind":"plain"}},"saml":{"nesting_mode":"set","block":{"block_types":{"idp":{"nesting_mode":"set","block":{"attributes":{"metadata":{"type":"string","description_kind":"plain","optional":true,"computed":true}},"description_kind":"plain"}},"sp":{"nesting_mode":"set","block":{"attributes":{"fqdn":{"type":"string","description_kind":"plain","optional":true,"computed":true},"org_display_name":{"type":"string","description_kind":"plain","optional":true,"computed":true},"org_name":{"type":"string","description_kind":"plain","optional":true,"computed":true},"org_url":{"type":"string","description_kind":"plain","optional":true,"computed":true},"saml_entity_type":{"type":"string","description_kind":"plain","optional":true,"computed":true},"tech_contact_email":{"type":"string","description_kind":"plain","optional":true,"computed":true},"tech_contact_name":{"type":"string","description_kind":"plain","optional":true,"computed":true}},"block_types":{"sp_nodes":{"nesting_mode":"list","block":{"attributes":{"entity_id":{"type":"string","description_kind":"plain","optional":true,"computed":true},"name":{"type":"string","description_kind":"plain","required":true},"signing_ssl_key_and_certificate_ref":{"type":"string","description_kind":"plain","optional":true,"computed":true},"single_signon_url":{"type":"string","description_kind":"plain","optional":true,"computed":true}},"description_kind":"plain"}}},"description_kind":"plain"},"min_items":1}},"description_kind":"plain"}},"tacacs_plus":{"nesting_mode":"set","block":{"attributes":{"password":{"type":"string","description_kind":"plain","optional":true,"computed":true,"sensitive":true},"port":{"type":"string","description_kind":"plain","optional":true},"server":{"type":["list","string"],"description_kind":"plain","required":true},"service":{"type":"string","description_kind":"plain","optional":true}},"block_types":{"authorization_attrs":{"nesting_mode":"list","block":{"attributes":{"mandatory":{"type":"string","description_kind":"plain","optional":true,"computed":true},"name":{"type":"string","description_kind":"plain","optional":true,"computed":true},"value":{"type":"string","description_kind":"plain","optional":true,"computed":true}},"description_kind":"plain"}}},"description_kind":"plain"}}},"description_kind":"plain"}},"avi_autoscalelaunchconfig":{"version":0,"block":{"attributes":{"description":{"type":"string","description_kind":"plain","optional":true,"computed":true},"id":{"type":"string","description_kind":"plain","optional":true,"computed":true},"image_id":{"type":"string","description_kind":"plain","optional":true,"computed":true},"name":{"type":"string","description_kind":"plain","required":true},"tenant_ref":{"type":"string","description_kind":"plain","optional":true,"computed":true},"use_external_asg":{"type":"string","description_kind":"plain","optional":true},"uuid":{"type":"string","description_kind":"plain","optional":true,"computed":true}},"block_types":{"configpb_attributes":{"nesting_mode":"set","block":{"attributes":{"version":{"type":"string","description_kind":"plain","optional":true,"computed":true}},"description_kind":"plain"}},"markers":{"nesting_mode":"list","block":{"attributes":{"key":{"type":"string","description_kind":"plain","required":true},"values":{"type":["list","string"],"description_kind":"plain","optional":true}},"description_kind":"plain"}},"mesos":{"nesting_mode":"set","block":{"attributes":{"force":{"type":"string","description_kind":"plain","optional":true}},"description_kind":"plain"}},"openstack":{"nesting_mode":"set","block":{"attributes":{"heat_scale_down_url":{"type":"string","description_kind":"plain","optional":true,"computed":true},"heat_scale_up_url":{"type":"string","description_kind":"plain","optional":true,"computed":true}},"description_kind":"plain"}}},"description_kind":"plain"}},"avi_availabilityzone":{"version":0,"block":{"attributes":{"cloud_ref":{"type":"string","description_kind":"plain","optional":true,"computed":true},"id":{"type":"string","description_kind":"plain","optional":true,"computed":true},"name":{"type":"string","description_kind":"plain","required":true},"tenant_ref":{"type":"string","description_kind":"plain","optional":true,"computed":true},"uuid":{"type":"string","description_kind":"plain","optional":true,"computed":true},"vcenter_refs":{"type":["list","string"],"description_kind":"plain","required":true}},"block_types":{"configpb_attributes":{"nesting_mode":"set","block":{"attributes":{"version":{"type":"string","description_kind":"plain","optional":true,"computed":true}},"description_kind":"plain"}}},"description_kind":"plain"}},"avi_backup":{"version":0,"block":{"attributes":{"backup_config_ref":{"type":"string","description_kind":"plain","optional":true,"computed":true},"file_name":{"type":"string","description_kind":"plain","required":true},"id":{"type":"string","description_kind":"plain","optional":true,"computed":true},"local_file_url":{"type":"string","description_kind":"plain","optional":true,"computed":true},"remote_file_url":{"type":"string","description_kind":"plain","optional":true,"computed":true},"scheduler_ref":{"type":"string","description_kind":"plain","optional":true,"computed":true},"tenant_ref":{"type":"string","description_kind":"plain","optional":true,"computed":true},"timestamp":{"type":"string","description_kind":"plain","optional":true,"computed":true},"uuid":{"type":"string","description_kind":"plain","optional":true,"computed":true}},"description_kind":"plain"}},"avi_backupconfiguration":{"version":0,"block":{"attributes":{"aws_access_key":{"type":"string","description_kind":"plain","optional":true,"computed":true,"sensitive":true},"aws_bucket_id":{"type":"string","description_kind":"plain","optional":true,"computed":true},"aws_secret_access":{"type":"string","description_kind":"plain","optional":true,"computed":true,"sensitive":true},"backup_file_prefix":{"type":"string","description_kind":"plain","optional":true,"computed":true},"backup_passphrase":{"type":"string","description_kind":"plain","optional":true,"computed":true,"sensitive":true},"id":{"type":"string","description_kind":"plain","optional":true,"computed":true},"maximum_backups_stored":{"type":"string","description_kind":"plain","optional":true},"name":{"type":"string","description_kind":"plain","required":true},"remote_directory":{"type":"string","description_kind":"plain","optional":true,"computed":true},"remote_hostname":{"type":"string","description_kind":"plain","optional":true,"computed":true},"save_local":{"type":"string","description_kind":"plain","optional":true,"computed":true},"ssh_user_ref":{"type":"string","description_kind":"plain","optional":true,"computed":true},"tenant_ref":{"type":"string","description_kind":"plain","optional":true,"computed":true},"upload_to_remote_host":{"type":"string","description_kind":"plain","optional":true,"computed":true},"upload_to_s3":{"type":"string","description_kind":"plain","optional":true,"computed":true},"uuid":{"type":"string","description_kind":"plain","optional":true,"computed":true}},"block_types":{"configpb_attributes":{"nesting_mode":"set","block":{"attributes":{"version":{"type":"string","description_kind":"plain","optional":true,"computed":true}},"description_kind":"plain"}}},"description_kind":"plain"}},"avi_botconfigconsolidator":{"version":0,"block":{"attributes":{"description":{"type":"string","description_kind":"plain","optional":true,"computed":true},"id":{"type":"string","description_kind":"plain","optional":true,"computed":true},"name":{"type":"string","description_kind":"plain","required":true},"script":{"type":"string","description_kind":"plain","optional":true,"computed":true},"tenant_ref":{"type":"string","description_kind":"plain","optional":true,"computed":true},"uuid":{"type":"string","description_kind":"plain","optional":true,"computed":true}},"description_kind":"plain"}},"avi_botdetectionpolicy":{"version":0,"block":{"attributes":{"description":{"type":"string","description_kind":"plain","optional":true,"computed":true},"id":{"type":"string","description_kind":"plain","optional":true,"computed":true},"name":{"type":"string","description_kind":"plain","required":true},"system_bot_mapping_ref":{"type":"string","description_kind":"plain","optional":true,"computed":true},"system_consolidator_ref":{"type":"string","description_kind":"plain","optional":true,"computed":true},"tenant_ref":{"type":"string","description_kind":"plain","optional":true,"computed":true},"user_bot_mapping_ref":{"type":"string","description_kind":"plain","optional":true,"computed":true},"user_consolidator_ref":{"type":"string","description_kind":"plain","optional":true,"computed":true},"uuid":{"type":"string","description_kind":"plain","optional":true,"computed":true}},"block_types":{"allow_list":{"nesting_mode":"set","block":{"block_types":{"rules":{"nesting_mode":"list","block":{"attributes":{"action":{"type":"string","description_kind":"plain","required":true},"index":{"type":"string","description_kind":"plain","required":true},"name":{"type":"string","description_kind":"plain","optional":true,"computed":true}},"block_types":{"condition":{"nesting_mode":"set","block":{"block_types":{"bot_detection_result":{"nesting_mode":"set","block":{"attributes":{"match_operation":{"type":"string","description_kind":"plain","required":true}},"block_types":{"classifications":{"nesting_mode":"list","block":{"attributes":{"type":{"type":"string","description_kind":"plain","required":true},"user_defined_type":{"type":"string","description_kind":"plain","optional":true,"computed":true}},"description_kind":"plain"}}},"description_kind":"plain"}},"client_ip":{"nesting_mode":"set","block":{"attributes":{"group_refs":{"type":["list","string"],"description_kind":"plain","optional":true},"match_criteria":{"type":"string","description_kind":"plain","required":true}},"block_types":{"addrs":{"nesting_mode":"list","block":{"attributes":{"addr":{"type":"string","description_kind":"plain","required":true},"type":{"type":"string","description_kind":"plain","required":true}},"description_kind":"plain"}},"prefixes":{"nesting_mode":"list","block":{"attributes":{"mask":{"type":"string","description_kind":"plain","required":true}},"block_types":{"ip_addr":{"nesting_mode":"set","block":{"attributes":{"addr":{"type":"string","description_kind":"plain","required":true},"type":{"type":"string","description_kind":"plain","required":true}},"description_kind":"plain"},"min_items":1}},"description_kind":"plain"}},"ranges":{"nesting_mode":"list","block":{"block_types":{"begin":{"nesting_mode":"set","block":{"attributes":{"addr":{"type":"string","description_kind":"plain","required":true},"type":{"type":"string","description_kind":"plain","required":true}},"description_kind":"plain"},"min_items":1},"end":{"nesting_mode":"set","block":{"attributes":{"addr":{"type":"string","description_kind":"plain","required":true},"type":{"type":"string","description_kind":"plain","required":true}},"description_kind":"plain"},"min_items":1}},"description_kind":"plain"}}},"description_kind":"plain"}},"cookie":{"nesting_mode":"set","block":{"attributes":{"match_case":{"type":"string","description_kind":"plain","optional":true},"match_criteria":{"type":"string","description_kind":"plain","required":true},"name":{"type":"string","description_kind":"plain","required":true},"value":{"type":"string","description_kind":"plain","optional":true,"computed":true}},"description_kind":"plain"}},"geo_matches":{"nesting_mode":"list","block":{"attributes":{"attribute":{"type":"string","description_kind":"plain","required":true},"match_operation":{"type":"string","description_kind":"plain","required":true},"values":{"type":["list","string"],"description_kind":"plain","required":true}},"description_kind":"plain"}},"hdrs":{"nesting_mode":"list","block":{"attributes":{"hdr":{"type":"string","description_kind":"plain","required":true},"match_case":{"type":"string","description_kind":"plain","optional":true},"match_criteria":{"type":"string","description_kind":"plain","required":true},"value":{"type":["list","string"],"description_kind":"plain","optional":true}},"description_kind":"plain"}},"host_hdr":{"nesting_mode":"set","block":{"attributes":{"match_case":{"type":"string","description_kind":"plain","optional":true},"match_criteria":{"type":"string","description_kind":"plain","required":true},"value":{"type":["list","string"],"description_kind":"plain","optional":true}},"description_kind":"plain"}},"ip_reputation_type":{"nesting_mode":"set","block":{"attributes":{"match_operation":{"type":"string","description_kind":"plain","required":true},"reputation_types":{"type":["list","string"],"description_kind":"plain","required":true}},"description_kind":"plain"}},"method":{"nesting_mode":"set","block":{"attributes":{"match_criteria":{"type":"string","description_kind":"plain","required":true},"methods":{"type":["list","string"],"description_kind":"plain","required":true}},"description_kind":"plain"}},"path":{"nesting_mode":"set","block":{"attributes":{"match_case":{"type":"string","description_kind":"plain","optional":true},"match_criteria":{"type":"string","description_kind":"plain","required":true},"match_str":{"type":["list","string"],"description_kind":"plain","optional":true},"string_group_refs":{"type":["list","string"],"description_kind":"plain","optional":true}},"description_kind":"plain"}},"protocol":{"nesting_mode":"set","block":{"attributes":{"match_criteria":{"type":"string","description_kind":"plain","required":true},"protocols":{"type":"string","description_kind":"plain","required":true}},"description_kind":"plain"}},"query":{"nesting_mode":"set","block":{"attributes":{"match_case":{"type":"string","description_kind":"plain","optional":true},"match_criteria":{"type":"string","description_kind":"plain","required":true},"match_str":{"type":["list","string"],"description_kind":"plain","optional":true},"string_group_refs":{"type":["list","string"],"description_kind":"plain","optional":true}},"description_kind":"plain"}},"version":{"nesting_mode":"set","block":{"attributes":{"match_criteria":{"type":"string","description_kind":"plain","required":true},"versions":{"type":["list","string"],"description_kind":"plain","required":true}},"description_kind":"plain"}},"vs_port":{"nesting_mode":"set","block":{"attributes":{"match_criteria":{"type":"string","description_kind":"plain","required":true},"ports":{"type":["list","number"],"description_kind":"plain","required":true}},"description_kind":"plain"}}},"description_kind":"plain"},"min_items":1}},"description_kind":"plain"}}},"description_kind":"plain"}},"ip_location_detector":{"nesting_mode":"set","block":{"attributes":{"enabled":{"type":"string","description_kind":"plain","optional":true},"ip_location_db_ref":{"type":"string","description_kind":"plain","optional":true,"computed":true},"system_cloud_providers_ref":{"type":"string","description_kind":"plain","optional":true,"computed":true},"system_search_engines_ref":{"type":"string","description_kind":"plain","optional":true,"computed":true}},"description_kind":"plain"},"min_items":1},"ip_reputation_detector":{"nesting_mode":"set","block":{"attributes":{"enabled":{"type":"string","description_kind":"plain","optional":true},"ip_reputation_db_ref":{"type":"string","description_kind":"plain","optional":true,"computed":true},"system_ip_reputation_mapping_ref":{"type":"string","description_kind":"plain","optional":true,"computed":true}},"description_kind":"plain"},"min_items":1},"user_agent_detector":{"nesting_mode":"set","block":{"attributes":{"enabled":{"type":"string","description_kind":"plain","optional":true}},"description_kind":"plain"},"min_items":1}},"description_kind":"plain"}},"avi_botipreputationtypemapping":{"version":0,"block":{"attributes":{"id":{"type":"string","description_kind":"plain","optional":true,"computed":true},"name":{"type":"string","description_kind":"plain","required":true},"tenant_ref":{"type":"string","description_kind":"plain","optional":true,"computed":true},"uuid":{"type":"string","description_kind":"plain","optional":true,"computed":true}},"block_types":{"ip_reputation_mappings":{"nesting_mode":"list","block":{"attributes":{"ip_reputation_type":{"type":"string","description_kind":"plain","required":true}},"block_types":{"bot_identification":{"nesting_mode":"set","block":{"attributes":{"class":{"type":"string","description_kind":"plain","optional":true,"computed":true},"identifier":{"type":"string","description_kind":"plain","optional":true,"computed":true},"type":{"type":"string","description_kind":"plain","optional":true,"computed":true}},"description_kind":"plain"},"min_items":1}},"description_kind":"plain"}}},"description_kind":"plain"}},"avi_botmapping":{"version":0,"block":{"attributes":{"id":{"type":"string","description_kind":"plain","optional":true,"computed":true},"name":{"type":"string","description_kind":"plain","required":true},"tenant_ref":{"type":"string","description_kind":"plain","optional":true,"computed":true},"uuid":{"type":"string","description_kind":"plain","optional":true,"computed":true}},"block_types":{"mapping_rules":{"nesting_mode":"list","block":{"attributes":{"component_matcher":{"type":"string","description_kind":"plain","required":true},"index":{"type":"string","description_kind":"plain","required":true},"name":{"type":"string","description_kind":"plain","optional":true,"computed":true}},"block_types":{"class_matcher":{"nesting_mode":"set","block":{"attributes":{"client_classes":{"type":["list","string"],"description_kind":"plain","required":true},"op":{"type":"string","description_kind":"plain","optional":true}},"description_kind":"plain"}},"classification":{"nesting_mode":"set","block":{"attributes":{"type":{"type":"string","description_kind":"plain","required":true},"user_defined_type":{"type":"string","description_kind":"plain","optional":true,"computed":true}},"description_kind":"plain"},"min_items":1},"identifier_matcher":{"nesting_mode":"set","block":{"attributes":{"match_criteria":{"type":"string","description_kind":"plain","required":true},"match_str":{"type":["list","string"],"description_kind":"plain","optional":true},"string_group_refs":{"type":["list","string"],"description_kind":"plain","optional":true}},"description_kind":"plain"}},"type_matcher":{"nesting_mode":"set","block":{"attributes":{"client_types":{"type":["list","string"],"description_kind":"plain","required":true},"op":{"type":"string","description_kind":"plain","optional":true}},"description_kind":"plain"}}},"description_kind":"plain"},"min_items":1}},"description_kind":"plain"}},"avi_certificatemanagementprofile":{"version":0,"block":{"attributes":{"id":{"type":"string","description_kind":"plain","optional":true,"computed":true},"name":{"type":"string","description_kind":"plain","required":true},"run_script_ref":{"type":"string","description_kind":"plain","required":true},"tenant_ref":{"type":"string","description_kind":"plain","optional":true,"computed":true},"uuid":{"type":"string","description_kind":"plain","optional":true,"computed":true}},"block_types":{"configpb_attributes":{"nesting_mode":"set","block":{"attributes":{"version":{"type":"string","description_kind":"plain","optional":true,"computed":true}},"description_kind":"plain"}},"markers":{"nesting_mode":"list","block":{"attributes":{"key":{"type":"string","description_kind":"plain","required":true},"values":{"type":["list","string"],"description_kind":"plain","optional":true}},"description_kind":"plain"}},"script_params":{"nesting_mode":"list","block":{"attributes":{"is_dynamic":{"type":"string","description_kind":"plain","optional":true},"is_sensitive":{"type":"string","description_kind":"plain","optional":true},"name":{"type":"string","description_kind":"plain","required":true},"value":{"type":"string","description_kind":"plain","optional":true,"computed":true}},"description_kind":"plain"}}},"description_kind":"plain"}},"avi_cloud":{"version":0,"block":{"attributes":{"autoscale_polling_interval":{"type":"string","description_kind":"plain","optional":true},"dhcp_enabled":{"type":"string","description_kind":"plain","optional":true},"dns_provider_ref":{"type":"string","description_kind":"plain","optional":true,"computed":true},"dns_resolution_on_se":{"type":"string","description_kind":"plain","optional":true},"east_west_dns_provider_ref":{"type":"string","description_kind":"plain","optional":true,"computed":true},"east_west_ipam_provider_ref":{"type":"string","description_kind":"plain","optional":true,"computed":true},"enable_vip_on_all_interfaces":{"type":"string","description_kind":"plain","optional":true},"enable_vip_static_routes":{"type":"string","description_kind":"plain","optional":true},"id":{"type":"string","description_kind":"plain","optional":true,"computed":true},"ip6_autocfg_enabled":{"type":"string","description_kind":"plain","optional":true},"ipam_provider_ref":{"type":"string","description_kind":"plain","optional":true,"computed":true},"license_tier":{"type":"string","description_kind":"plain","optional":true,"computed":true},"license_type":{"type":"string","description_kind":"plain","optional":true,"computed":true},"maintenance_mode":{"type":"string","description_kind":"plain","optional":true},"mtu":{"type":"string","description_kind":"plain","optional":true},"name":{"type":"string","description_kind":"plain","required":true},"obj_name_prefix":{"type":"string","description_kind":"plain","optional":true,"computed":true},"prefer_static_routes":{"type":"string","description_kind":"plain","optional":true},"se_group_template_ref":{"type":"string","description_kind":"plain","optional":true,"computed":true},"state_based_dns_registration":{"type":"string","description_kind":"plain","optional":true},"tenant_ref":{"type":"string","description_kind":"plain","optional":true,"computed":true},"uuid":{"type":"string","description_kind":"plain","optional":true,"computed":true},"vmc_deployment":{"type":"string","description_kind":"plain","optional":true},"vtype":{"type":"string","description_kind":"plain","required":true}},"block_types":{"aws_configuration":{"nesting_mode":"set","block":{"attributes":{"access_key_id":{"type":"string","description_kind":"plain","optional":true,"computed":true,"sensitive":true},"asg_poll_interval":{"type":"string","description_kind":"plain","optional":true},"free_elasticips":{"type":"string","description_kind":"plain","optional":true},"iam_assume_role":{"type":"string","description_kind":"plain","optional":true,"computed":true},"publish_vip_to_public_zone":{"type":"string","description_kind":"plain","optional":true},"region":{"type":"string","description_kind":"plain","optional":true},"route53_integration":{"type":"string","description_kind":"plain","optional":true},"secret_access_key":{"type":"string","description_kind":"plain","optional":true,"computed":true,"sensitive":true},"ttl":{"type":"string","description_kind":"plain","optional":true},"use_iam_roles":{"type":"string","description_kind":"plain","optional":true},"use_sns_sqs":{"type":"string","description_kind":"plain","optional":true},"vpc":{"type":"string","description_kind":"plain","optional":true,"computed":true},"vpc_id":{"type":"string","description_kind":"plain","required":true}},"block_types":{"ebs_encryption":{"nesting_mode":"set","block":{"attributes":{"master_key":{"type":"string","description_kind":"plain","optional":true,"computed":true},"mode":{"type":"string","description_kind":"plain","optional":true}},"description_kind":"plain"}},"s3_encryption":{"nesting_mode":"set","block":{"attributes":{"master_key":{"type":"string","description_kind":"plain","optional":true,"computed":true},"mode":{"type":"string","description_kind":"plain","optional":true}},"description_kind":"plain"}},"sqs_encryption":{"nesting_mode":"set","block":{"attributes":{"master_key":{"type":"string","description_kind":"plain","optional":true,"computed":true},"mode":{"type":"string","description_kind":"plain","optional":true}},"description_kind":"plain"}},"zones":{"nesting_mode":"list","block":{"attributes":{"availability_zone":{"type":"string","description_kind":"plain","required":true},"mgmt_network_name":{"type":"string","description_kind":"plain","required":true},"mgmt_network_uuid":{"type":"string","description_kind":"plain","optional":true,"computed":true}},"description_kind":"plain"}}},"description_kind":"plain"}},"azure_configuration":{"nesting_mode":"set","block":{"attributes":{"availability_zones":{"type":["list","string"],"description_kind":"plain","optional":true},"cloud_credentials_ref":{"type":"string","description_kind":"plain","optional":true,"computed":true},"des_id":{"type":"string","description_kind":"plain","optional":true,"computed":true},"location":{"type":"string","description_kind":"plain","optional":true,"computed":true},"resource_group":{"type":"string","description_kind":"plain","optional":true,"computed":true},"subscription_id":{"type":"string","description_kind":"plain","optional":true,"computed":true},"use_azure_dns":{"type":"string","description_kind":"plain","optional":true},"use_enhanced_ha":{"type":"string","description_kind":"plain","optional":true},"use_managed_disks":{"type":"string","description_kind":"plain","optional":true},"use_standard_alb":{"type":"string","description_kind":"plain","optional":true}},"block_types":{"network_info":{"nesting_mode":"list","block":{"attributes":{"management_network_id":{"type":"string","description_kind":"plain","optional":true,"computed":true},"se_network_id":{"type":"string","description_kind":"plain","optional":true,"computed":true},"virtual_network_id":{"type":"string","description_kind":"plain","optional":true,"computed":true}},"description_kind":"plain"},"min_items":1}},"description_kind":"plain"}},"cloudstack_configuration":{"nesting_mode":"set","block":{"attributes":{"access_key_id":{"type":"string","description_kind":"plain","required":true,"sensitive":true},"api_url":{"type":"string","description_kind":"plain","required":true},"cntr_public_ip":{"type":"string","description_kind":"plain","optional":true,"computed":true},"hypervisor":{"type":"string","description_kind":"plain","optional":true},"mgmt_network_name":{"type":"string","description_kind":"plain","required":true},"mgmt_network_uuid":{"type":"string","description_kind":"plain","optional":true,"computed":true},"secret_access_key":{"type":"string","description_kind":"plain","required":true,"sensitive":true}},"description_kind":"plain"}},"configpb_attributes":{"nesting_mode":"set","block":{"attributes":{"version":{"type":"string","description_kind":"plain","optional":true,"computed":true}},"description_kind":"plain"}},"custom_tags":{"nesting_mode":"list","block":{"attributes":{"tag_key":{"type":"string","description_kind":"plain","required":true},"tag_val":{"type":"string","description_kind":"plain","optional":true,"computed":true}},"description_kind":"plain"}},"dns_resolvers":{"nesting_mode":"list","block":{"attributes":{"fixed_ttl":{"type":"string","description_kind":"plain","optional":true,"computed":true},"min_ttl":{"type":"string","description_kind":"plain","optional":true},"resolver_name":{"type":"string","description_kind":"plain","required":true},"use_mgmt":{"type":"string","description_kind":"plain","optional":true}},"block_types":{"nameserver_ips":{"nesting_mode":"list","block":{"attributes":{"addr":{"type":"string","description_kind":"plain","required":true},"type":{"type":"string","description_kind":"plain","required":true}},"description_kind":"plain"},"min_items":1}},"description_kind":"plain"}},"docker_configuration":{"nesting_mode":"set","block":{"attributes":{"app_sync_frequency":{"type":"string","description_kind":"plain","optional":true},"ca_tls_key_and_certificate_ref":{"type":"string","description_kind":"plain","optional":true,"computed":true},"client_tls_key_and_certificate_ref":{"type":"string","description_kind":"plain","optional":true,"computed":true},"container_port_match_http_service":{"type":"string","description_kind":"plain","optional":true},"coredump_directory":{"type":"string","description_kind":"plain","optional":true},"disable_auto_backend_service_sync":{"type":"string","description_kind":"plain","optional":true},"disable_auto_frontend_service_sync":{"type":"string","description_kind":"plain","optional":true},"disable_auto_se_creation":{"type":"string","description_kind":"plain","optional":true},"enable_event_subscription":{"type":"string","description_kind":"plain","optional":true},"feproxy_container_port_as_service":{"type":"string","description_kind":"plain","optional":true},"feproxy_vips_enable_proxy_arp":{"type":"string","description_kind":"plain","optional":true},"fleet_endpoint":{"type":"string","description_kind":"plain","optional":true,"computed":true},"http_container_ports":{"type":["list","number"],"description_kind":"plain","optional":true},"se_deployment_method":{"type":"string","description_kind":"plain","optional":true},"se_spawn_rate":{"type":"string","description_kind":"plain","optional":true},"se_volume":{"type":"string","description_kind":"plain","optional":true},"services_accessible_all_interfaces":{"type":"string","description_kind":"plain","optional":true},"ssh_user_ref":{"type":"string","description_kind":"plain","optional":true,"computed":true},"ucp_nodes":{"type":["list","string"],"description_kind":"plain","optional":true},"use_container_ip_port":{"type":"string","description_kind":"plain","optional":true},"use_controller_image":{"type":"string","description_kind":"plain","optional":true}},"block_types":{"docker_registry_se":{"nesting_mode":"set","block":{"attributes":{"password":{"type":"string","description_kind":"plain","optional":true,"computed":true,"sensitive":true},"private":{"type":"string","description_kind":"plain","optional":true},"registry":{"type":"string","description_kind":"plain","optional":true},"username":{"type":"string","description_kind":"plain","optional":true,"computed":true}},"block_types":{"oshift_registry":{"nesting_mode":"set","block":{"attributes":{"registry_namespace":{"type":"string","description_kind":"plain","optional":true},"registry_service":{"type":"string","description_kind":"plain","optional":true}},"block_types":{"registry_vip":{"nesting_mode":"set","block":{"attributes":{"addr":{"type":"string","description_kind":"plain","required":true},"type":{"type":"string","description_kind":"plain","required":true}},"description_kind":"plain"}}},"description_kind":"plain"}}},"description_kind":"plain"}},"east_west_placement_subnet":{"nesting_mode":"set","block":{"attributes":{"mask":{"type":"string","description_kind":"plain","required":true}},"block_types":{"ip_addr":{"nesting_mode":"set","block":{"attributes":{"addr":{"type":"string","description_kind":"plain","required":true},"type":{"type":"string","description_kind":"plain","required":true}},"description_kind":"plain"},"min_items":1}},"description_kind":"plain"}},"se_exclude_attributes":{"nesting_mode":"list","block":{"attributes":{"attribute":{"type":"string","description_kind":"plain","required":true},"value":{"type":"string","description_kind":"plain","optional":true,"computed":true}},"description_kind":"plain"}},"se_include_attributes":{"nesting_mode":"list","block":{"attributes":{"attribute":{"type":"string","description_kind":"plain","required":true},"value":{"type":"string","description_kind":"plain","optional":true,"computed":true}},"description_kind":"plain"}}},"description_kind":"plain"}},"gcp_configuration":{"nesting_mode":"set","block":{"attributes":{"cloud_credentials_ref":{"type":"string","description_kind":"plain","optional":true,"computed":true},"firewall_target_tags":{"type":["list","string"],"description_kind":"plain","optional":true},"gcp_service_account_email":{"type":"string","description_kind":"plain","optional":true,"computed":true},"gcs_bucket_name":{"type":"string","description_kind":"plain","optional":true,"computed":true},"gcs_project_id":{"type":"string","description_kind":"plain","optional":true,"computed":true},"region_name":{"type":"string","description_kind":"plain","required":true},"se_project_id":{"type":"string","description_kind":"plain","required":true},"zones":{"type":["list","string"],"description_kind":"plain","required":true}},"block_types":{"encryption_keys":{"nesting_mode":"set","block":{"attributes":{"gcs_bucket_kms_key_id":{"type":"string","description_kind":"plain","optional":true,"computed":true},"gcs_objects_kms_key_id":{"type":"string","description_kind":"plain","optional":true,"computed":true},"se_disk_kms_key_id":{"type":"string","description_kind":"plain","optional":true,"computed":true},"se_image_kms_key_id":{"type":"string","description_kind":"plain","optional":true,"computed":true}},"description_kind":"plain"}},"network_config":{"nesting_mode":"set","block":{"attributes":{"config":{"type":"string","description_kind":"plain","required":true}},"block_types":{"inband":{"nesting_mode":"set","block":{"attributes":{"vpc_network_name":{"type":"string","description_kind":"plain","required":true},"vpc_project_id":{"type":"string","description_kind":"plain","optional":true,"computed":true},"vpc_subnet_name":{"type":"string","description_kind":"plain","required":true}},"description_kind":"plain"}},"one_arm":{"nesting_mode":"set","block":{"attributes":{"data_vpc_network_name":{"type":"string","description_kind":"plain","required":true},"data_vpc_project_id":{"type":"string","description_kind":"plain","optional":true,"computed":true},"data_vpc_subnet_name":{"type":"string","description_kind":"plain","required":true},"management_vpc_network_name":{"type":"string","description_kind":"plain","required":true},"management_vpc_project_id":{"type":"string","description_kind":"plain","optional":true,"computed":true},"management_vpc_subnet_name":{"type":"string","description_kind":"plain","required":true}},"description_kind":"plain"}},"two_arm":{"nesting_mode":"set","block":{"attributes":{"backend_data_vpc_network_name":{"type":"string","description_kind":"plain","required":true},"backend_data_vpc_project_id":{"type":"string","description_kind":"plain","optional":true,"computed":true},"backend_data_vpc_subnet_name":{"type":"string","description_kind":"plain","required":true},"frontend_data_vpc_network_name":{"type":"string","description_kind":"plain","required":true},"frontend_data_vpc_project_id":{"type":"string","description_kind":"plain","optional":true,"computed":true},"frontend_data_vpc_subnet_name":{"type":"string","description_kind":"plain","required":true},"management_vpc_network_name":{"type":"string","description_kind":"plain","required":true},"management_vpc_project_id":{"type":"string","description_kind":"plain","optional":true,"computed":true},"management_vpc_subnet_name":{"type":"string","description_kind":"plain","required":true}},"description_kind":"plain"}}},"description_kind":"plain"},"min_items":1},"vip_allocation_strategy":{"nesting_mode":"set","block":{"attributes":{"mode":{"type":"string","description_kind":"plain","optional":true}},"block_types":{"ilb":{"nesting_mode":"set","block":{"attributes":{"cloud_router_names":{"type":["list","string"],"description_kind":"plain","optional":true}},"description_kind":"plain"}},"routes":{"nesting_mode":"set","block":{"attributes":{"match_se_group_subnet":{"type":"string","description_kind":"plain","optional":true},"route_priority":{"type":"string","description_kind":"plain","optional":true}},"description_kind":"plain"}}},"description_kind":"plain"},"min_items":1}},"description_kind":"plain"}},"linuxserver_configuration":{"nesting_mode":"set","block":{"attributes":{"se_inband_mgmt":{"type":"string","description_kind":"plain","optional":true},"se_log_disk_path":{"type":"string","description_kind":"plain","optional":true,"computed":true},"se_log_disk_size_gb":{"type":"string","description_kind":"plain","optional":true},"se_sys_disk_path":{"type":"string","description_kind":"plain","optional":true,"computed":true},"se_sys_disk_size_gb":{"type":"string","description_kind":"plain","optional":true},"ssh_user_ref":{"type":"string","description_kind":"plain","optional":true,"computed":true}},"block_types":{"hosts":{"nesting_mode":"list","block":{"attributes":{"node_availability_zone":{"type":"string","description_kind":"plain","optional":true,"computed":true},"se_group_ref":{"type":"string","description_kind":"plain","optional":true,"computed":true}},"block_types":{"host_attr":{"nesting_mode":"list","block":{"attributes":{"attr_key":{"type":"string","description_kind":"plain","required":true},"attr_val":{"type":"string","description_kind":"plain","optional":true,"computed":true}},"description_kind":"plain"}},"host_ip":{"nesting_mode":"set","block":{"attributes":{"addr":{"type":"string","description_kind":"plain","required":true},"type":{"type":"string","description_kind":"plain","required":true}},"description_kind":"plain"},"min_items":1}},"description_kind":"plain"}}},"description_kind":"plain"}},"nsxt_configuration":{"nesting_mode":"set","block":{"attributes":{"automate_dfw_rules":{"type":"string","description_kind":"plain","optional":true},"domain_id":{"type":"string","description_kind":"plain","optional":true},"enforcementpoint_id":{"type":"string","description_kind":"plain","optional":true},"nsxt_credentials_ref":{"type":"string","description_kind":"plain","required":true},"nsxt_url":{"type":"string","description_kind":"plain","required":true},"site_id":{"type":"string","description_kind":"plain","optional":true}},"block_types":{"data_network_config":{"nesting_mode":"set","block":{"attributes":{"transport_zone":{"type":"string","description_kind":"plain","required":true},"tz_type":{"type":"string","description_kind":"plain","required":true},"vlan_segments":{"type":["list","string"],"description_kind":"plain","optional":true}},"block_types":{"tier1_segment_config":{"nesting_mode":"set","block":{"attributes":{"segment_config_mode":{"type":"string","description_kind":"plain","optional":true}},"block_types":{"automatic":{"nesting_mode":"set","block":{"attributes":{"num_se_per_segment":{"type":"string","description_kind":"plain","optional":true},"tier1_lr_ids":{"type":["list","string"],"description_kind":"plain","required":true}},"block_types":{"nsxt_segment_subnet":{"nesting_mode":"set","block":{"attributes":{"mask":{"type":"string","description_kind":"plain","required":true}},"block_types":{"ip_addr":{"nesting_mode":"set","block":{"attributes":{"addr":{"type":"string","description_kind":"plain","required":true},"type":{"type":"string","description_kind":"plain","required":true}},"description_kind":"plain"},"min_items":1}},"description_kind":"plain"},"min_items":1}},"description_kind":"plain"}},"manual":{"nesting_mode":"set","block":{"block_types":{"tier1_lrs":{"nesting_mode":"list","block":{"attributes":{"segment_id":{"type":"string","description_kind":"plain","optional":true,"computed":true},"tier1_lr_id":{"type":"string","description_kind":"plain","required":true}},"description_kind":"plain"},"min_items":1}},"description_kind":"plain"}}},"description_kind":"plain"}}},"description_kind":"plain"},"min_items":1},"management_network_config":{"nesting_mode":"set","block":{"attributes":{"transport_zone":{"type":"string","description_kind":"plain","required":true},"tz_type":{"type":"string","description_kind":"plain","required":true},"vlan_segment":{"type":"string","description_kind":"plain","optional":true,"computed":true}},"block_types":{"overlay_segment":{"nesting_mode":"set","block":{"attributes":{"segment_id":{"type":"string","description_kind":"plain","optional":true,"computed":true},"tier1_lr_id":{"type":"string","description_kind":"plain","required":true}},"description_kind":"plain"}}},"description_kind":"plain"},"min_items":1}},"description_kind":"plain"}},"openstack_configuration":{"nesting_mode":"set","block":{"attributes":{"admin_tenant":{"type":"string","description_kind":"plain","required":true},"admin_tenant_uuid":{"type":"string","description_kind":"plain","optional":true,"computed":true},"allowed_address_pairs":{"type":"string","description_kind":"plain","optional":true},"anti_affinity":{"type":"string","description_kind":"plain","optional":true},"auth_url":{"type":"string","description_kind":"plain","optional":true,"computed":true},"config_drive":{"type":"string","description_kind":"plain","optional":true},"contrail_disable_policy":{"type":"string","description_kind":"plain","optional":true},"contrail_endpoint":{"type":"string","description_kind":"plain","optional":true,"computed":true},"contrail_plugin":{"type":"string","description_kind":"plain","optional":true},"external_networks":{"type":"string","description_kind":"plain","optional":true},"free_floatingips":{"type":"string","description_kind":"plain","optional":true},"hypervisor":{"type":"string","description_kind":"plain","optional":true},"img_format":{"type":"string","description_kind":"plain","optional":true},"import_keystone_tenants":{"type":"string","description_kind":"plain","optional":true},"insecure":{"type":"string","description_kind":"plain","optional":true},"keystone_host":{"type":"string","description_kind":"plain","optional":true,"computed":true},"map_admin_to_cloudadmin":{"type":"string","description_kind":"plain","optional":true},"mgmt_network_name":{"type":"string","description_kind":"plain","required":true},"mgmt_network_uuid":{"type":"string","description_kind":"plain","optional":true,"computed":true},"name_owner":{"type":"string","description_kind":"plain","optional":true},"neutron_rbac":{"type":"string","description_kind":"plain","optional":true},"password":{"type":"string","description_kind":"plain","optional":true,"computed":true,"sensitive":true},"privilege":{"type":"string","description_kind":"plain","required":true},"prov_name":{"type":["list","string"],"description_kind":"plain","optional":true},"region":{"type":"string","description_kind":"plain","optional":true,"computed":true},"security_groups":{"type":"string","description_kind":"plain","optional":true},"tenant_se":{"type":"string","description_kind":"plain","optional":true},"use_admin_url":{"type":"string","description_kind":"plain","optional":true},"use_internal_endpoints":{"type":"string","description_kind":"plain","optional":true},"use_keystone_auth":{"type":"string","description_kind":"plain","optional":true},"username":{"type":"string","description_kind":"plain","required":true}},"block_types":{"custom_se_image_properties":{"nesting_mode":"list","block":{"attributes":{"name":{"type":"string","description_kind":"plain","required":true},"value":{"type":"string","description_kind":"plain","optional":true,"computed":true}},"description_kind":"plain"}},"hypervisor_properties":{"nesting_mode":"list","block":{"attributes":{"hypervisor":{"type":"string","description_kind":"plain","required":true}},"block_types":{"image_properties":{"nesting_mode":"list","block":{"attributes":{"name":{"type":"string","description_kind":"plain","required":true},"value":{"type":"string","description_kind":"plain","optional":true,"computed":true}},"description_kind":"plain"}}},"description_kind":"plain"}},"provider_vip_networks":{"nesting_mode":"list","block":{"attributes":{"os_network_uuid":{"type":"string","description_kind":"plain","optional":true,"computed":true},"os_tenant_uuids":{"type":["list","string"],"description_kind":"plain","optional":true}},"description_kind":"plain"}},"role_mapping":{"nesting_mode":"list","block":{"attributes":{"avi_role":{"type":"string","description_kind":"plain","required":true},"os_role":{"type":"string","description_kind":"plain","required":true}},"description_kind":"plain"}}},"description_kind":"plain"}},"proxy_configuration":{"nesting_mode":"set","block":{"attributes":{"host":{"type":"string","description_kind":"plain","required":true},"password":{"type":"string","description_kind":"plain","optional":true,"computed":true,"sensitive":true},"port":{"type":"string","description_kind":"plain","required":true},"username":{"type":"string","description_kind":"plain","optional":true,"computed":true}},"description_kind":"plain"}},"rancher_configuration":{"nesting_mode":"set","block":{"attributes":{"access_key":{"type":"string","description_kind":"plain","optional":true,"computed":true},"app_sync_frequency":{"type":"string","description_kind":"plain","optional":true},"container_port_match_http_service":{"type":"string","description_kind":"plain","optional":true},"coredump_directory":{"type":"string","description_kind":"plain","optional":true},"disable_auto_backend_service_sync":{"type":"string","description_kind":"plain","optional":true},"disable_auto_frontend_service_sync":{"type":"string","description_kind":"plain","optional":true},"disable_auto_se_creation":{"type":"string","description_kind":"plain","optional":true},"enable_event_subscription":{"type":"string","description_kind":"plain","optional":true},"feproxy_container_port_as_service":{"type":"string","description_kind":"plain","optional":true},"feproxy_vips_enable_proxy_arp":{"type":"string","description_kind":"plain","optional":true},"fleet_endpoint":{"type":"string","description_kind":"plain","optional":true,"computed":true},"http_container_ports":{"type":["list","number"],"description_kind":"plain","optional":true},"rancher_servers":{"type":["list","string"],"description_kind":"plain","optional":true},"se_deployment_method":{"type":"string","description_kind":"plain","optional":true},"se_spawn_rate":{"type":"string","description_kind":"plain","optional":true},"se_volume":{"type":"string","description_kind":"plain","optional":true},"secret_key":{"type":"string","description_kind":"plain","optional":true,"computed":true,"sensitive":true},"services_accessible_all_interfaces":{"type":"string","description_kind":"plain","optional":true},"ssh_user_ref":{"type":"string","description_kind":"plain","optional":true,"computed":true},"use_container_ip_port":{"type":"string","description_kind":"plain","optional":true},"use_controller_image":{"type":"string","description_kind":"plain","optional":true}},"block_types":{"docker_registry_se":{"nesting_mode":"set","block":{"attributes":{"password":{"type":"string","description_kind":"plain","optional":true,"computed":true,"sensitive":true},"private":{"type":"string","description_kind":"plain","optional":true},"registry":{"type":"string","description_kind":"plain","optional":true},"username":{"type":"string","description_kind":"plain","optional":true,"computed":true}},"block_types":{"oshift_registry":{"nesting_mode":"set","block":{"attributes":{"registry_namespace":{"type":"string","description_kind":"plain","optional":true},"registry_service":{"type":"string","description_kind":"plain","optional":true}},"block_types":{"registry_vip":{"nesting_mode":"set","block":{"attributes":{"addr":{"type":"string","description_kind":"plain","required":true},"type":{"type":"string","description_kind":"plain","required":true}},"description_kind":"plain"}}},"description_kind":"plain"}}},"description_kind":"plain"}},"east_west_placement_subnet":{"nesting_mode":"set","block":{"attributes":{"mask":{"type":"string","description_kind":"plain","required":true}},"block_types":{"ip_addr":{"nesting_mode":"set","block":{"attributes":{"addr":{"type":"string","description_kind":"plain","required":true},"type":{"type":"string","description_kind":"plain","required":true}},"description_kind":"plain"},"min_items":1}},"description_kind":"plain"}},"nuage_controller":{"nesting_mode":"set","block":{"attributes":{"nuage_organization":{"type":"string","description_kind":"plain","optional":true,"computed":true},"nuage_password":{"type":"string","description_kind":"plain","optional":true,"computed":true,"sensitive":true},"nuage_port":{"type":"string","description_kind":"plain","optional":true},"nuage_username":{"type":"string","description_kind":"plain","optional":true,"computed":true},"nuage_vsd_host":{"type":"string","description_kind":"plain","optional":true,"computed":true},"se_domain":{"type":"string","description_kind":"plain","optional":true,"computed":true},"se_enterprise":{"type":"string","description_kind":"plain","optional":true,"computed":true},"se_network":{"type":"string","description_kind":"plain","optional":true,"computed":true},"se_policy_group":{"type":"string","description_kind":"plain","optional":true,"computed":true},"se_user":{"type":"string","description_kind":"plain","optional":true,"computed":true},"se_zone":{"type":"string","description_kind":"plain","optional":true,"computed":true}},"description_kind":"plain"}},"se_exclude_attributes":{"nesting_mode":"list","block":{"attributes":{"attribute":{"type":"string","description_kind":"plain","required":true},"value":{"type":"string","description_kind":"plain","optional":true,"computed":true}},"description_kind":"plain"}},"se_include_attributes":{"nesting_mode":"list","block":{"attributes":{"attribute":{"type":"string","description_kind":"plain","required":true},"value":{"type":"string","description_kind":"plain","optional":true,"computed":true}},"description_kind":"plain"}}},"description_kind":"plain"}},"vca_configuration":{"nesting_mode":"set","block":{"attributes":{"privilege":{"type":"string","description_kind":"plain","required":true},"vca_host":{"type":"string","description_kind":"plain","required":true},"vca_instance":{"type":"string","description_kind":"plain","required":true},"vca_mgmt_network":{"type":"string","description_kind":"plain","required":true},"vca_orgnization":{"type":"string","description_kind":"plain","required":true},"vca_password":{"type":"string","description_kind":"plain","required":true,"sensitive":true},"vca_username":{"type":"string","description_kind":"plain","required":true},"vca_vdc":{"type":"string","description_kind":"plain","required":true}},"description_kind":"plain"}},"vcenter_configuration":{"nesting_mode":"set","block":{"attributes":{"datacenter":{"type":"string","description_kind":"plain","optional":true,"computed":true},"deactivate_vm_discovery":{"type":"string","description_kind":"plain","optional":true},"management_network":{"type":"string","description_kind":"plain","optional":true,"computed":true},"password":{"type":"string","description_kind":"plain","optional":true,"computed":true,"sensitive":true},"privilege":{"type":"string","description_kind":"plain","required":true},"username":{"type":"string","description_kind":"plain","optional":true,"computed":true},"vcenter_template_se_location":{"type":"string","description_kind":"plain","optional":true,"computed":true},"vcenter_url":{"type":"string","description_kind":"plain","optional":true,"computed":true}},"block_types":{"management_ip_subnet":{"nesting_mode":"set","block":{"attributes":{"mask":{"type":"string","description_kind":"plain","required":true}},"block_types":{"ip_addr":{"nesting_mode":"set","block":{"attributes":{"addr":{"type":"string","description_kind":"plain","required":true},"type":{"type":"string","description_kind":"plain","required":true}},"description_kind":"plain"},"min_items":1}},"description_kind":"plain"}}},"description_kind":"plain"}}},"description_kind":"plain"}},"avi_cloudconnectoruser":{"version":0,"block":{"attributes":{"id":{"type":"string","description_kind":"plain","optional":true,"computed":true},"name":{"type":"string","description_kind":"plain","required":true},"password":{"type":"string","description_kind":"plain","optional":true,"computed":true,"sensitive":true},"private_key":{"type":"string","description_kind":"plain","optional":true,"computed":true,"sensitive":true},"public_key":{"type":"string","description_kind":"plain","optional":true,"computed":true},"tenant_ref":{"type":"string","description_kind":"plain","optional":true,"computed":true},"uuid":{"type":"string","description_kind":"plain","optional":true,"computed":true}},"block_types":{"azure_serviceprincipal":{"nesting_mode":"set","block":{"attributes":{"application_id":{"type":"string","description_kind":"plain","optional":true,"computed":true},"authentication_token":{"type":"string","description_kind":"plain","optional":true,"computed":true,"sensitive":true},"tenant_id":{"type":"string","description_kind":"plain","optional":true,"computed":true}},"description_kind":"plain"}},"azure_userpass":{"nesting_mode":"set","block":{"attributes":{"password":{"type":"string","description_kind":"plain","optional":true,"computed":true,"sensitive":true},"tenant_name":{"type":"string","description_kind":"plain","optional":true,"computed":true},"username":{"type":"string","description_kind":"plain","optional":true,"computed":true}},"description_kind":"plain"}},"configpb_attributes":{"nesting_mode":"set","block":{"attributes":{"version":{"type":"string","description_kind":"plain","optional":true,"computed":true}},"description_kind":"plain"}},"gcp_credentials":{"nesting_mode":"set","block":{"attributes":{"service_account_keyfile_data":{"type":"string","description_kind":"plain","optional":true,"computed":true,"sensitive":true}},"description_kind":"plain"}},"nsxt_credentials":{"nesting_mode":"set","block":{"attributes":{"password":{"type":"string","description_kind":"plain","optional":true,"computed":true,"sensitive":true},"username":{"type":"string","description_kind":"plain","optional":true,"computed":true}},"description_kind":"plain"}},"oci_credentials":{"nesting_mode":"set","block":{"attributes":{"fingerprint":{"type":"string","description_kind":"plain","optional":true,"computed":true,"sensitive":true},"key_content":{"type":"string","description_kind":"plain","optional":true,"computed":true,"sensitive":true},"pass_phrase":{"type":"string","description_kind":"plain","optional":true,"computed":true,"sensitive":true},"user":{"type":"string","description_kind":"plain","optional":true,"computed":true}},"description_kind":"plain"}},"tencent_credentials":{"nesting_mode":"set","block":{"attributes":{"secret_id":{"type":"string","description_kind":"plain","required":true,"sensitive":true},"secret_key":{"type":"string","description_kind":"plain","required":true,"sensitive":true}},"description_kind":"plain"}},"vcenter_credentials":{"nesting_mode":"set","block":{"attributes":{"password":{"type":"string","description_kind":"plain","optional":true,"computed":true,"sensitive":true},"username":{"type":"string","description_kind":"plain","optional":true,"computed":true}},"description_kind":"plain"}}},"description_kind":"plain"}},"avi_cloudproperties":{"version":0,"block":{"attributes":{"cc_vtypes":{"type":["list","string"],"description_kind":"plain","optional":true},"id":{"type":"string","description_kind":"plain","optional":true,"computed":true},"uuid":{"type":"string","description_kind":"plain","optional":true,"computed":true}},"block_types":{"cc_props":{"nesting_mode":"set","block":{"attributes":{"rpc_poll_interval":{"type":"string","description_kind":"plain","optional":true},"rpc_queue_size":{"type":"string","description_kind":"plain","optional":true}},"description_kind":"plain"}},"configpb_attributes":{"nesting_mode":"set","block":{"attributes":{"version":{"type":"string","description_kind":"plain","optional":true,"computed":true}},"description_kind":"plain"}},"hyp_props":{"nesting_mode":"list","block":{"attributes":{"htype":{"type":"string","description_kind":"plain","required":true},"max_ips_per_nic":{"type":"string","description_kind":"plain","optional":true,"computed":true},"max_nics":{"type":"string","description_kind":"plain","optional":true,"computed":true}},"description_kind":"plain"}},"info":{"nesting_mode":"list","block":{"attributes":{"flavor_regex_filter":{"type":"string","description_kind":"plain","optional":true,"computed":true},"htypes":{"type":["list","string"],"description_kind":"plain","optional":true},"vtype":{"type":"string","description_kind":"plain","required":true}},"block_types":{"cca_props":{"nesting_mode":"set","block":{"attributes":{"async_retries":{"type":"string","description_kind":"plain","optional":true},"async_retries_delay":{"type":"string","description_kind":"plain","optional":true},"poll_duration_target":{"type":"string","description_kind":"plain","optional":true},"poll_fast_target":{"type":"string","description_kind":"plain","optional":true},"poll_slow_target":{"type":"string","description_kind":"plain","optional":true},"vnic_retries":{"type":"string","description_kind":"plain","optional":true},"vnic_retries_delay":{"type":"string","description_kind":"plain","optional":true}},"description_kind":"plain"}},"controller_props":{"nesting_mode":"set","block":{"attributes":{"allow_admin_network_updates":{"type":"string","description_kind":"plain","optional":true},"allow_ip_forwarding":{"type":"string","description_kind":"plain","optional":true},"allow_unauthenticated_apis":{"type":"string","description_kind":"plain","optional":true},"allow_unauthenticated_nodes":{"type":"string","description_kind":"plain","optional":true},"api_idle_timeout":{"type":"string","description_kind":"plain","optional":true},"api_perf_logging_threshold":{"type":"string","description_kind":"plain","optional":true},"appviewx_compat_mode":{"type":"string","description_kind":"plain","optional":true},"async_patch_merge_period":{"type":"string","description_kind":"plain","optional":true},"async_patch_request_cleanup_duration":{"type":"string","description_kind":"plain","optional":true},"attach_ip_retry_interval":{"type":"string","description_kind":"plain","optional":true},"attach_ip_retry_limit":{"type":"string","description_kind":"plain","optional":true},"bm_use_ansible":{"type":"string","description_kind":"plain","optional":true},"check_vsvip_fqdn_syntax":{"type":"string","description_kind":"plain","optional":true},"cleanup_expired_authtoken_timeout_period":{"type":"string","description_kind":"plain","optional":true},"cleanup_sessions_timeout_period":{"type":"string","description_kind":"plain","optional":true},"cloud_reconcile":{"type":"string","description_kind":"plain","optional":true},"cluster_ip_gratuitous_arp_period":{"type":"string","description_kind":"plain","optional":true},"consistency_check_timeout_period":{"type":"string","description_kind":"plain","optional":true},"controller_resource_info_collection_period":{"type":"string","description_kind":"plain","optional":true},"crashed_se_reboot":{"type":"string","description_kind":"plain","optional":true},"dead_se_detection_timer":{"type":"string","description_kind":"plain","optional":true},"default_minimum_api_timeout":{"type":"string","description_kind":"plain","optional":true},"del_offline_se_after_reboot_delay":{"type":"string","description_kind":"plain","optional":true},"dns_refresh_period":{"type":"string","description_kind":"plain","optional":true},"dummy":{"type":"string","description_kind":"plain","optional":true,"computed":true},"edit_system_limits":{"type":"string","description_kind":"plain","optional":true},"enable_api_sharding":{"type":"string","description_kind":"plain","optional":true},"enable_memory_balancer":{"type":"string","description_kind":"plain","optional":true},"enable_per_process_stop":{"type":"string","description_kind":"plain","optional":true},"enable_resmgr_log_cache_print":{"type":"string","description_kind":"plain","optional":true},"fatal_error_lease_time":{"type":"string","description_kind":"plain","optional":true},"federated_datastore_cleanup_duration":{"type":"string","description_kind":"plain","optional":true},"file_object_cleanup_period":{"type":"string","description_kind":"plain","optional":true},"max_dead_se_in_grp":{"type":"string","description_kind":"plain","optional":true},"max_pcap_per_tenant":{"type":"string","description_kind":"plain","optional":true},"max_se_spawn_interval_delay":{"type":"string","description_kind":"plain","optional":true},"max_seq_attach_ip_failures":{"type":"string","description_kind":"plain","optional":true},"max_seq_vnic_failures":{"type":"string","description_kind":"plain","optional":true},"max_threads_cc_vip_bg_worker":{"type":"string","description_kind":"plain","optional":true},"permission_scoped_shared_admin_networks":{"type":"string","description_kind":"plain","optional":true},"persistence_key_rotate_period":{"type":"string","description_kind":"plain","optional":true},"portal_request_burst_limit":{"type":"string","description_kind":"plain","optional":true},"portal_request_rate_limit":{"type":"string","description_kind":"plain","optional":true},"portal_token":{"type":"string","description_kind":"plain","optional":true,"computed":true,"sensitive":true},"process_locked_useraccounts_timeout_period":{"type":"string","description_kind":"plain","optional":true},"process_pki_profile_timeout_period":{"type":"string","description_kind":"plain","optional":true},"query_host_fail":{"type":"string","description_kind":"plain","optional":true},"resmgr_log_caching_period":{"type":"string","description_kind":"plain","optional":true},"safenet_hsm_version":{"type":"string","description_kind":"plain","optional":true,"computed":true},"se_create_timeout":{"type":"string","description_kind":"plain","optional":true},"se_failover_attempt_interval":{"type":"string","description_kind":"plain","optional":true},"se_from_marketplace":{"type":"string","description_kind":"plain","optional":true},"se_offline_del":{"type":"string","description_kind":"plain","optional":true},"se_spawn_retry_interval":{"type":"string","description_kind":"plain","optional":true},"se_vnic_cooldown":{"type":"string","description_kind":"plain","optional":true},"se_vnic_gc_wait_time":{"type":"string","description_kind":"plain","optional":true},"secure_channel_cleanup_timeout":{"type":"string","description_kind":"plain","optional":true},"secure_channel_controller_token_timeout":{"type":"string","description_kind":"plain","optional":true},"secure_channel_se_token_timeout":{"type":"string","description_kind":"plain","optional":true},"seupgrade_copy_pool_size":{"type":"string","description_kind":"plain","optional":true},"seupgrade_fabric_pool_size":{"type":"string","description_kind":"plain","optional":true},"seupgrade_segroup_min_dead_timeout":{"type":"string","description_kind":"plain","optional":true},"shared_ssl_certificates":{"type":"string","description_kind":"plain","optional":true},"ssl_certificate_expiry_warning_days":{"type":["list","number"],"description_kind":"plain","optional":true},"unresponsive_se_reboot":{"type":"string","description_kind":"plain","optional":true},"upgrade_dns_ttl":{"type":"string","description_kind":"plain","optional":true},"upgrade_fat_se_lease_time":{"type":"string","description_kind":"plain","optional":true},"upgrade_lease_time":{"type":"string","description_kind":"plain","optional":true},"upgrade_se_per_vs_scale_ops_txn_time":{"type":"string","description_kind":"plain","optional":true},"uuid":{"type":"string","description_kind":"plain","optional":true,"computed":true},"vnic_op_fail_time":{"type":"string","description_kind":"plain","optional":true},"vs_awaiting_se_timeout":{"type":"string","description_kind":"plain","optional":true},"vs_key_rotate_period":{"type":"string","description_kind":"plain","optional":true},"vs_scaleout_ready_check_interval":{"type":"string","description_kind":"plain","optional":true},"vs_se_attach_ip_fail":{"type":"string","description_kind":"plain","optional":true},"vs_se_bootup_fail":{"type":"string","description_kind":"plain","optional":true},"vs_se_create_fail":{"type":"string","description_kind":"plain","optional":true},"vs_se_ping_fail":{"type":"string","description_kind":"plain","optional":true},"vs_se_vnic_fail":{"type":"string","description_kind":"plain","optional":true},"vs_se_vnic_ip_fail":{"type":"string","description_kind":"plain","optional":true},"warmstart_se_reconnect_wait_time":{"type":"string","description_kind":"plain","optional":true},"warmstart_vs_resync_wait_time":{"type":"string","description_kind":"plain","optional":true}},"block_types":{"configpb_attributes":{"nesting_mode":"set","block":{"attributes":{"version":{"type":"string","description_kind":"plain","optional":true,"computed":true}},"description_kind":"plain"}},"user_agent_cache_config":{"nesting_mode":"set","block":{"attributes":{"batch_size":{"type":"string","description_kind":"plain","optional":true},"controller_cache_size":{"type":"string","description_kind":"plain","optional":true},"max_upstream_queries":{"type":"string","description_kind":"plain","optional":true},"max_wait_time":{"type":"string","description_kind":"plain","optional":true},"num_entries_upstream_update":{"type":"string","description_kind":"plain","optional":true},"percent_reserved_for_bad_bots":{"type":"string","description_kind":"plain","optional":true},"percent_reserved_for_browsers":{"type":"string","description_kind":"plain","optional":true},"percent_reserved_for_good_bots":{"type":"string","description_kind":"plain","optional":true},"percent_reserved_for_outstanding":{"type":"string","description_kind":"plain","optional":true},"se_cache_size":{"type":"string","description_kind":"plain","optional":true},"upstream_update_interval":{"type":"string","description_kind":"plain","optional":true}},"description_kind":"plain"}}},"description_kind":"plain"}},"flavor_props":{"nesting_mode":"list","block":{"attributes":{"cost":{"type":"string","description_kind":"plain","optional":true,"computed":true},"disk_gb":{"type":"string","description_kind":"plain","optional":true,"computed":true},"enhanced_nw":{"type":"string","description_kind":"plain","optional":true,"computed":true},"id":{"type":"string","description_kind":"plain","required":true},"is_recommended":{"type":"string","description_kind":"plain","optional":true,"computed":true},"max_ip6s_per_nic":{"type":"string","description_kind":"plain","optional":true,"computed":true},"max_ips_per_nic":{"type":"string","description_kind":"plain","optional":true,"computed":true},"max_nics":{"type":"string","description_kind":"plain","optional":true,"computed":true},"name":{"type":"string","description_kind":"plain","required":true},"public":{"type":"string","description_kind":"plain","optional":true},"ram_mb":{"type":"string","description_kind":"plain","optional":true,"computed":true},"vcpus":{"type":"string","description_kind":"plain","optional":true,"computed":true}},"block_types":{"meta":{"nesting_mode":"list","block":{"attributes":{"key":{"type":"string","description_kind":"plain","required":true},"value":{"type":"string","description_kind":"plain","required":true}},"description_kind":"plain"}}},"description_kind":"plain"}}},"description_kind":"plain"}}},"description_kind":"plain"}},"avi_cluster":{"version":0,"block":{"attributes":{"id":{"type":"string","description_kind":"plain","optional":true,"computed":true},"name":{"type":"string","description_kind":"plain","required":true},"rejoin_nodes_automatically":{"type":"string","description_kind":"plain","optional":true},"tenant_ref":{"type":"string","description_kind":"plain","optional":true,"computed":true},"uuid":{"type":"string","description_kind":"plain","optional":true,"computed":true}},"block_types":{"cluster_state":{"nesting_mode":"set","block":{"attributes":{"progress":{"type":"string","description_kind":"plain","optional":true,"computed":true},"state":{"type":"string","description_kind":"plain","optional":true,"computed":true},"up_since":{"type":"string","description_kind":"plain","optional":true,"computed":true}},"description_kind":"plain"}},"nodes":{"nesting_mode":"list","block":{"attributes":{"categories":{"type":["list","string"],"description_kind":"plain","optional":true},"name":{"type":"string","description_kind":"plain","optional":true},"password":{"type":"string","description_kind":"plain","optional":true,"computed":true,"sensitive":true},"vm_hostname":{"type":"string","description_kind":"plain","optional":true,"computed":true},"vm_mor":{"type":"string","description_kind":"plain","optional":true,"computed":true},"vm_name":{"type":"string","description_kind":"plain","optional":true,"computed":true},"vm_uuid":{"type":"string","description_kind":"plain","optional":true,"computed":true}},"block_types":{"ip":{"nesting_mode":"set","block":{"attributes":{"addr":{"type":"string","description_kind":"plain","required":true},"type":{"type":"string","description_kind":"plain","required":true}},"description_kind":"plain"},"min_items":1},"public_ip_or_name":{"nesting_mode":"set","block":{"attributes":{"addr":{"type":"string","description_kind":"plain","required":true},"type":{"type":"string","description_kind":"plain","required":true}},"description_kind":"plain"}}},"description_kind":"plain"},"min_items":1},"virtual_ip":{"nesting_mode":"set","block":{"attributes":{"addr":{"type":"string","description_kind":"plain","required":true},"type":{"type":"string","description_kind":"plain","required":true}},"description_kind":"plain"}}},"description_kind":"plain"}},"avi_clusterclouddetails":{"version":0,"block":{"attributes":{"id":{"type":"string","description_kind":"plain","optional":true,"computed":true},"name":{"type":"string","description_kind":"plain","required":true},"tenant_ref":{"type":"string","description_kind":"plain","optional":true,"computed":true},"uuid":{"type":"string","description_kind":"plain","optional":true,"computed":true}},"block_types":{"azure_info":{"nesting_mode":"set","block":{"attributes":{"cloud_credential_ref":{"type":"string","description_kind":"plain","required":true},"subscription_id":{"type":"string","description_kind":"plain","required":true}},"description_kind":"plain"}},"configpb_attributes":{"nesting_mode":"set","block":{"attributes":{"version":{"type":"string","description_kind":"plain","optional":true,"computed":true}},"description_kind":"plain"}}},"description_kind":"plain"}},"avi_controllerportalregistration":{"version":0,"block":{"attributes":{"id":{"type":"string","description_kind":"plain","optional":true,"computed":true},"name":{"type":"string","description_kind":"plain","required":true},"tenant_ref":{"type":"string","description_kind":"plain","optional":true,"computed":true},"uuid":{"type":"string","description_kind":"plain","optional":true,"computed":true}},"block_types":{"asset":{"nesting_mode":"set","block":{"attributes":{"asset_id":{"type":"string","description_kind":"plain","optional":true,"computed":true}},"description_kind":"plain"}},"portal_auth":{"nesting_mode":"set","block":{"attributes":{"access_token":{"type":"string","description_kind":"plain","optional":true,"computed":true,"sensitive":true},"instance_url":{"type":"string","description_kind":"plain","optional":true,"computed":true},"jwt_token":{"type":"string","description_kind":"plain","optional":true,"computed":true,"sensitive":true}},"description_kind":"plain"}}},"description_kind":"plain"}},"avi_controllerproperties":{"version":0,"block":{"attributes":{"allow_admin_network_updates":{"type":"string","description_kind":"plain","optional":true},"allow_ip_forwarding":{"type":"string","description_kind":"plain","optional":true},"allow_unauthenticated_apis":{"type":"string","description_kind":"plain","optional":true},"allow_unauthenticated_nodes":{"type":"string","description_kind":"plain","optional":true},"api_idle_timeout":{"type":"string","description_kind":"plain","optional":true},"api_perf_logging_threshold":{"type":"string","description_kind":"plain","optional":true},"appviewx_compat_mode":{"type":"string","description_kind":"plain","optional":true},"async_patch_merge_period":{"type":"string","description_kind":"plain","optional":true},"async_patch_request_cleanup_duration":{"type":"string","description_kind":"plain","optional":true},"attach_ip_retry_interval":{"type":"string","description_kind":"plain","optional":true},"attach_ip_retry_limit":{"type":"string","description_kind":"plain","optional":true},"bm_use_ansible":{"type":"string","description_kind":"plain","optional":true},"check_vsvip_fqdn_syntax":{"type":"string","description_kind":"plain","optional":true},"cleanup_expired_authtoken_timeout_period":{"type":"string","description_kind":"plain","optional":true},"cleanup_sessions_timeout_period":{"type":"string","description_kind":"plain","optional":true},"cloud_reconcile":{"type":"string","description_kind":"plain","optional":true},"cluster_ip_gratuitous_arp_period":{"type":"string","description_kind":"plain","optional":true},"consistency_check_timeout_period":{"type":"string","description_kind":"plain","optional":true},"controller_resource_info_collection_period":{"type":"string","description_kind":"plain","optional":true},"crashed_se_reboot":{"type":"string","description_kind":"plain","optional":true},"dead_se_detection_timer":{"type":"string","description_kind":"plain","optional":true},"default_minimum_api_timeout":{"type":"string","description_kind":"plain","optional":true},"del_offline_se_after_reboot_delay":{"type":"string","description_kind":"plain","optional":true},"dns_refresh_period":{"type":"string","description_kind":"plain","optional":true},"dummy":{"type":"string","description_kind":"plain","optional":true,"computed":true},"edit_system_limits":{"type":"string","description_kind":"plain","optional":true},"enable_api_sharding":{"type":"string","description_kind":"plain","optional":true},"enable_memory_balancer":{"type":"string","description_kind":"plain","optional":true},"enable_per_process_stop":{"type":"string","description_kind":"plain","optional":true},"enable_resmgr_log_cache_print":{"type":"string","description_kind":"plain","optional":true},"fatal_error_lease_time":{"type":"string","description_kind":"plain","optional":true},"federated_datastore_cleanup_duration":{"type":"string","description_kind":"plain","optional":true},"file_object_cleanup_period":{"type":"string","description_kind":"plain","optional":true},"id":{"type":"string","description_kind":"plain","optional":true,"computed":true},"max_dead_se_in_grp":{"type":"string","description_kind":"plain","optional":true},"max_pcap_per_tenant":{"type":"string","description_kind":"plain","optional":true},"max_se_spawn_interval_delay":{"type":"string","description_kind":"plain","optional":true},"max_seq_attach_ip_failures":{"type":"string","description_kind":"plain","optional":true},"max_seq_vnic_failures":{"type":"string","description_kind":"plain","optional":true},"max_threads_cc_vip_bg_worker":{"type":"string","description_kind":"plain","optional":true},"permission_scoped_shared_admin_networks":{"type":"string","description_kind":"plain","optional":true},"persistence_key_rotate_period":{"type":"string","description_kind":"plain","optional":true},"portal_request_burst_limit":{"type":"string","description_kind":"plain","optional":true},"portal_request_rate_limit":{"type":"string","description_kind":"plain","optional":true},"portal_token":{"type":"string","description_kind":"plain","optional":true,"computed":true,"sensitive":true},"process_locked_useraccounts_timeout_period":{"type":"string","description_kind":"plain","optional":true},"process_pki_profile_timeout_period":{"type":"string","description_kind":"plain","optional":true},"query_host_fail":{"type":"string","description_kind":"plain","optional":true},"resmgr_log_caching_period":{"type":"string","description_kind":"plain","optional":true},"safenet_hsm_version":{"type":"string","description_kind":"plain","optional":true,"computed":true},"se_create_timeout":{"type":"string","description_kind":"plain","optional":true},"se_failover_attempt_interval":{"type":"string","description_kind":"plain","optional":true},"se_from_marketplace":{"type":"string","description_kind":"plain","optional":true},"se_offline_del":{"type":"string","description_kind":"plain","optional":true},"se_spawn_retry_interval":{"type":"string","description_kind":"plain","optional":true},"se_vnic_cooldown":{"type":"string","description_kind":"plain","optional":true},"se_vnic_gc_wait_time":{"type":"string","description_kind":"plain","optional":true},"secure_channel_cleanup_timeout":{"type":"string","description_kind":"plain","optional":true},"secure_channel_controller_token_timeout":{"type":"string","description_kind":"plain","optional":true},"secure_channel_se_token_timeout":{"type":"string","description_kind":"plain","optional":true},"seupgrade_copy_pool_size":{"type":"string","description_kind":"plain","optional":true},"seupgrade_fabric_pool_size":{"type":"string","description_kind":"plain","optional":true},"seupgrade_segroup_min_dead_timeout":{"type":"string","description_kind":"plain","optional":true},"shared_ssl_certificates":{"type":"string","description_kind":"plain","optional":true},"ssl_certificate_expiry_warning_days":{"type":["list","number"],"description_kind":"plain","optional":true},"unresponsive_se_reboot":{"type":"string","description_kind":"plain","optional":true},"upgrade_dns_ttl":{"type":"string","description_kind":"plain","optional":true},"upgrade_fat_se_lease_time":{"type":"string","description_kind":"plain","optional":true},"upgrade_lease_time":{"type":"string","description_kind":"plain","optional":true},"upgrade_se_per_vs_scale_ops_txn_time":{"type":"string","description_kind":"plain","optional":true},"uuid":{"type":"string","description_kind":"plain","optional":true,"computed":true},"vnic_op_fail_time":{"type":"string","description_kind":"plain","optional":true},"vs_awaiting_se_timeout":{"type":"string","description_kind":"plain","optional":true},"vs_key_rotate_period":{"type":"string","description_kind":"plain","optional":true},"vs_scaleout_ready_check_interval":{"type":"string","description_kind":"plain","optional":true},"vs_se_attach_ip_fail":{"type":"string","description_kind":"plain","optional":true},"vs_se_bootup_fail":{"type":"string","description_kind":"plain","optional":true},"vs_se_create_fail":{"type":"string","description_kind":"plain","optional":true},"vs_se_ping_fail":{"type":"string","description_kind":"plain","optional":true},"vs_se_vnic_fail":{"type":"string","description_kind":"plain","optional":true},"vs_se_vnic_ip_fail":{"type":"string","description_kind":"plain","optional":true},"warmstart_se_reconnect_wait_time":{"type":"string","description_kind":"plain","optional":true},"warmstart_vs_resync_wait_time":{"type":"string","description_kind":"plain","optional":true}},"block_types":{"configpb_attributes":{"nesting_mode":"set","block":{"attributes":{"version":{"type":"string","description_kind":"plain","optional":true,"computed":true}},"description_kind":"plain"}},"user_agent_cache_config":{"nesting_mode":"set","block":{"attributes":{"batch_size":{"type":"string","description_kind":"plain","optional":true},"controller_cache_size":{"type":"string","description_kind":"plain","optional":true},"max_upstream_queries":{"type":"string","description_kind":"plain","optional":true},"max_wait_time":{"type":"string","description_kind":"plain","optional":true},"num_entries_upstream_update":{"type":"string","description_kind":"plain","optional":true},"percent_reserved_for_bad_bots":{"type":"string","description_kind":"plain","optional":true},"percent_reserved_for_browsers":{"type":"string","description_kind":"plain","optional":true},"percent_reserved_for_good_bots":{"type":"string","description_kind":"plain","optional":true},"percent_reserved_for_outstanding":{"type":"string","description_kind":"plain","optional":true},"se_cache_size":{"type":"string","description_kind":"plain","optional":true},"upstream_update_interval":{"type":"string","description_kind":"plain","optional":true}},"description_kind":"plain"}}},"description_kind":"plain"}},"avi_controllersite":{"version":0,"block":{"attributes":{"address":{"type":"string","description_kind":"plain","required":true},"id":{"type":"string","description_kind":"plain","optional":true,"computed":true},"name":{"type":"string","description_kind":"plain","required":true},"port":{"type":"string","description_kind":"plain","optional":true},"tenant_ref":{"type":"string","description_kind":"plain","optional":true,"computed":true},"uuid":{"type":"string","description_kind":"plain","optional":true,"computed":true}},"block_types":{"configpb_attributes":{"nesting_mode":"set","block":{"attributes":{"version":{"type":"string","description_kind":"plain","optional":true,"computed":true}},"description_kind":"plain"}}},"description_kind":"plain"}},"avi_customipamdnsprofile":{"version":0,"block":{"attributes":{"id":{"type":"string","description_kind":"plain","optional":true,"computed":true},"name":{"type":"string","description_kind":"plain","required":true},"script_uri":{"type":"string","description_kind":"plain","required":true},"tenant_ref":{"type":"string","description_kind":"plain","optional":true,"computed":true},"uuid":{"type":"string","description_kind":"plain","optional":true,"computed":true}},"block_types":{"configpb_attributes":{"nesting_mode":"set","block":{"attributes":{"version":{"type":"string","description_kind":"plain","optional":true,"computed":true}},"description_kind":"plain"}},"script_params":{"nesting_mode":"list","block":{"attributes":{"is_dynamic":{"type":"string","description_kind":"plain","optional":true},"is_sensitive":{"type":"string","description_kind":"plain","optional":true},"name":{"type":"string","description_kind":"plain","required":true},"value":{"type":"string","description_kind":"plain","optional":true,"computed":true}},"description_kind":"plain"}}},"description_kind":"plain"}},"avi_dnspolicy":{"version":0,"block":{"attributes":{"created_by":{"type":"string","description_kind":"plain","optional":true,"computed":true},"description":{"type":"string","description_kind":"plain","optional":true,"computed":true},"id":{"type":"string","description_kind":"plain","optional":true,"computed":true},"internal":{"type":"string","description_kind":"plain","optional":true,"computed":true},"name":{"type":"string","description_kind":"plain","required":true},"tenant_ref":{"type":"string","description_kind":"plain","optional":true,"computed":true},"uuid":{"type":"string","description_kind":"plain","optional":true,"computed":true}},"block_types":{"configpb_attributes":{"nesting_mode":"set","block":{"attributes":{"version":{"type":"string","description_kind":"plain","optional":true,"computed":true}},"description_kind":"plain"}},"markers":{"nesting_mode":"list","block":{"attributes":{"key":{"type":"string","description_kind":"plain","required":true},"values":{"type":["list","string"],"description_kind":"plain","optional":true}},"description_kind":"plain"}},"rule":{"nesting_mode":"list","block":{"attributes":{"enable":{"type":"string","description_kind":"plain","optional":true},"index":{"type":"string","description_kind":"plain","required":true},"log":{"type":"string","description_kind":"plain","optional":true,"computed":true},"name":{"type":"string","description_kind":"plain","required":true}},"block_types":{"action":{"nesting_mode":"set","block":{"block_types":{"allow":{"nesting_mode":"set","block":{"attributes":{"allow":{"type":"string","description_kind":"plain","optional":true},"reset_conn":{"type":"string","description_kind":"plain","optional":true}},"description_kind":"plain"}},"dns_rate_limiter":{"nesting_mode":"set","block":{"block_types":{"action":{"nesting_mode":"set","block":{"attributes":{"type":{"type":"string","description_kind":"plain","optional":true}},"description_kind":"plain"},"min_items":1},"rate_limiter_object":{"nesting_mode":"set","block":{"attributes":{"burst_sz":{"type":"string","description_kind":"plain","optional":true},"count":{"type":"string","description_kind":"plain","optional":true},"name":{"type":"string","description_kind":"plain","optional":true,"computed":true},"period":{"type":"string","description_kind":"plain","optional":true}},"description_kind":"plain"},"min_items":1}},"description_kind":"plain"}},"gslb_site_selection":{"nesting_mode":"set","block":{"attributes":{"fallback_site_names":{"type":["list","string"],"description_kind":"plain","optional":true},"is_site_preferred":{"type":"string","description_kind":"plain","optional":true},"site_name":{"type":"string","description_kind":"plain","required":true}},"description_kind":"plain"}},"pool_switching":{"nesting_mode":"set","block":{"attributes":{"pool_group_ref":{"type":"string","description_kind":"plain","optional":true,"computed":true},"pool_ref":{"type":"string","description_kind":"plain","optional":true,"computed":true}},"description_kind":"plain"}},"response":{"nesting_mode":"set","block":{"attributes":{"authoritative":{"type":"string","description_kind":"plain","optional":true},"rcode":{"type":"string","description_kind":"plain","optional":true},"truncation":{"type":"string","description_kind":"plain","optional":true}},"block_types":{"resource_record_sets":{"nesting_mode":"list","block":{"attributes":{"section":{"type":"string","description_kind":"plain","optional":true}},"block_types":{"resource_record_set":{"nesting_mode":"set","block":{"attributes":{"fqdn":{"type":"string","description_kind":"plain","required":true},"ttl":{"type":"string","description_kind":"plain","required":true},"type":{"type":"string","description_kind":"plain","required":true}},"block_types":{"cname":{"nesting_mode":"set","block":{"attributes":{"cname":{"type":"string","description_kind":"plain","required":true}},"description_kind":"plain"}},"ip6_addresses":{"nesting_mode":"list","block":{"block_types":{"ip6_address":{"nesting_mode":"set","block":{"attributes":{"addr":{"type":"string","description_kind":"plain","required":true},"type":{"type":"string","description_kind":"plain","required":true}},"description_kind":"plain"},"min_items":1}},"description_kind":"plain"}},"ip_addresses":{"nesting_mode":"list","block":{"block_types":{"ip_address":{"nesting_mode":"set","block":{"attributes":{"addr":{"type":"string","description_kind":"plain","required":true},"type":{"type":"string","description_kind":"plain","required":true}},"description_kind":"plain"},"min_items":1}},"description_kind":"plain"}},"nses":{"nesting_mode":"list","block":{"attributes":{"nsname":{"type":"string","description_kind":"plain","required":true}},"block_types":{"ip6_address":{"nesting_mode":"set","block":{"attributes":{"addr":{"type":"string","description_kind":"plain","required":true},"type":{"type":"string","description_kind":"plain","required":true}},"description_kind":"plain"}},"ip_address":{"nesting_mode":"set","block":{"attributes":{"addr":{"type":"string","description_kind":"plain","required":true},"type":{"type":"string","description_kind":"plain","required":true}},"description_kind":"plain"}}},"description_kind":"plain"}}},"description_kind":"plain"},"min_items":1}},"description_kind":"plain"}}},"description_kind":"plain"}}},"description_kind":"plain"}},"match":{"nesting_mode":"set","block":{"block_types":{"client_ip_address":{"nesting_mode":"set","block":{"attributes":{"use_edns_client_subnet_ip":{"type":"string","description_kind":"plain","optional":true}},"block_types":{"client_ip":{"nesting_mode":"set","block":{"attributes":{"group_refs":{"type":["list","string"],"description_kind":"plain","optional":true},"match_criteria":{"type":"string","description_kind":"plain","required":true}},"block_types":{"addrs":{"nesting_mode":"list","block":{"attributes":{"addr":{"type":"string","description_kind":"plain","required":true},"type":{"type":"string","description_kind":"plain","required":true}},"description_kind":"plain"}},"prefixes":{"nesting_mode":"list","block":{"attributes":{"mask":{"type":"string","description_kind":"plain","required":true}},"block_types":{"ip_addr":{"nesting_mode":"set","block":{"attributes":{"addr":{"type":"string","description_kind":"plain","required":true},"type":{"type":"string","description_kind":"plain","required":true}},"description_kind":"plain"},"min_items":1}},"description_kind":"plain"}},"ranges":{"nesting_mode":"list","block":{"block_types":{"begin":{"nesting_mode":"set","block":{"attributes":{"addr":{"type":"string","description_kind":"plain","required":true},"type":{"type":"string","description_kind":"plain","required":true}},"description_kind":"plain"},"min_items":1},"end":{"nesting_mode":"set","block":{"attributes":{"addr":{"type":"string","description_kind":"plain","required":true},"type":{"type":"string","description_kind":"plain","required":true}},"description_kind":"plain"},"min_items":1}},"description_kind":"plain"}}},"description_kind":"plain"},"min_items":1}},"description_kind":"plain"}},"client_port_numbers":{"nesting_mode":"set","block":{"block_types":{"client_ports":{"nesting_mode":"set","block":{"attributes":{"match_criteria":{"type":"string","description_kind":"plain","required":true},"ports":{"type":["list","number"],"description_kind":"plain","optional":true}},"block_types":{"ranges":{"nesting_mode":"list","block":{"attributes":{"end":{"type":"string","description_kind":"plain","required":true},"start":{"type":"string","description_kind":"plain","required":true}},"description_kind":"plain"}}},"description_kind":"plain"},"min_items":1}},"description_kind":"plain"}},"geo_location":{"nesting_mode":"set","block":{"attributes":{"geolocation_name":{"type":"string","description_kind":"plain","optional":true,"computed":true},"geolocation_tag":{"type":"string","description_kind":"plain","optional":true,"computed":true},"match_criteria":{"type":"string","description_kind":"plain","required":true},"use_edns_client_subnet_ip":{"type":"string","description_kind":"plain","optional":true}},"description_kind":"plain"}},"protocol":{"nesting_mode":"set","block":{"attributes":{"match_criteria":{"type":"string","description_kind":"plain","required":true},"protocol":{"type":"string","description_kind":"plain","required":true}},"description_kind":"plain"}},"query_name":{"nesting_mode":"set","block":{"attributes":{"match_criteria":{"type":"string","description_kind":"plain","required":true},"query_domain_names":{"type":["list","string"],"description_kind":"plain","optional":true},"string_group_refs":{"type":["list","string"],"description_kind":"plain","optional":true}},"description_kind":"plain"}},"query_type":{"nesting_mode":"set","block":{"attributes":{"match_criteria":{"type":"string","description_kind":"plain","required":true},"query_type":{"type":["list","string"],"description_kind":"plain","optional":true}},"description_kind":"plain"}}},"description_kind":"plain"}}},"description_kind":"plain"}}},"description_kind":"plain"}},"avi_dynamicdnsrecord":{"version":0,"block":{"attributes":{"algorithm":{"type":"string","description_kind":"plain","optional":true},"delegated":{"type":"string","description_kind":"plain","optional":true},"description":{"type":"string","description_kind":"plain","optional":true,"computed":true},"dns_vs_uuid":{"type":"string","description_kind":"plain","optional":true,"computed":true},"fqdn":{"type":"string","description_kind":"plain","optional":true,"computed":true},"id":{"type":"string","description_kind":"plain","optional":true,"computed":true},"metadata":{"type":"string","description_kind":"plain","optional":true,"computed":true},"name":{"type":"string","description_kind":"plain","optional":true,"computed":true},"num_records_in_response":{"type":"string","description_kind":"plain","optional":true,"computed":true},"tenant_ref":{"type":"string","description_kind":"plain","optional":true,"computed":true},"ttl":{"type":"string","description_kind":"plain","optional":true,"computed":true},"type":{"type":"string","description_kind":"plain","optional":true,"computed":true},"uuid":{"type":"string","description_kind":"plain","optional":true,"computed":true},"wildcard_match":{"type":"string","description_kind":"plain","optional":true}},"block_types":{"cname":{"nesting_mode":"set","block":{"attributes":{"cname":{"type":"string","description_kind":"plain","required":true}},"description_kind":"plain"}},"ip6_address":{"nesting_mode":"list","block":{"block_types":{"ip6_address":{"nesting_mode":"set","block":{"attributes":{"addr":{"type":"string","description_kind":"plain","required":true},"type":{"type":"string","description_kind":"plain","required":true}},"description_kind":"plain"},"min_items":1}},"description_kind":"plain"}},"ip_address":{"nesting_mode":"list","block":{"block_types":{"ip_address":{"nesting_mode":"set","block":{"attributes":{"addr":{"type":"string","description_kind":"plain","required":true},"type":{"type":"string","description_kind":"plain","required":true}},"description_kind":"plain"},"min_items":1}},"description_kind":"plain"}},"mx_records":{"nesting_mode":"list","block":{"attributes":{"host":{"type":"string","description_kind":"plain","required":true},"priority":{"type":"string","description_kind":"plain","required":true}},"description_kind":"plain"}},"ns":{"nesting_mode":"list","block":{"attributes":{"nsname":{"type":"string","description_kind":"plain","required":true}},"block_types":{"ip6_address":{"nesting_mode":"set","block":{"attributes":{"addr":{"type":"string","description_kind":"plain","required":true},"type":{"type":"string","description_kind":"plain","required":true}},"description_kind":"plain"}},"ip_address":{"nesting_mode":"set","block":{"attributes":{"addr":{"type":"string","description_kind":"plain","required":true},"type":{"type":"string","description_kind":"plain","required":true}},"description_kind":"plain"}}},"description_kind":"plain"}},"service_locators":{"nesting_mode":"list","block":{"attributes":{"port":{"type":"string","description_kind":"plain","required":true},"priority":{"type":"string","description_kind":"plain","optional":true},"target":{"type":"string","description_kind":"plain","optional":true},"weight":{"type":"string","description_kind":"plain","optional":true}},"description_kind":"plain"}},"txt_records":{"nesting_mode":"list","block":{"attributes":{"text_str":{"type":"string","description_kind":"plain","required":true}},"description_kind":"plain"}}},"description_kind":"plain"}},"avi_errorpagebody":{"version":0,"block":{"attributes":{"error_page_body":{"type":"string","description_kind":"plain","required":true},"format":{"type":"string","description_kind":"plain","optional":true},"id":{"type":"string","description_kind":"plain","optional":true,"computed":true},"name":{"type":"string","description_kind":"plain","required":true},"tenant_ref":{"type":"string","description_kind":"plain","optional":true,"computed":true},"uuid":{"type":"string","description_kind":"plain","optional":true,"computed":true}},"block_types":{"configpb_attributes":{"nesting_mode":"set","block":{"attributes":{"version":{"type":"string","description_kind":"plain","optional":true,"computed":true}},"description_kind":"plain"}},"markers":{"nesting_mode":"list","block":{"attributes":{"key":{"type":"string","description_kind":"plain","required":true},"values":{"type":["list","string"],"description_kind":"plain","optional":true}},"description_kind":"plain"}}},"description_kind":"plain"}},"avi_errorpageprofile":{"version":0,"block":{"attributes":{"id":{"type":"string","description_kind":"plain","optional":true,"computed":true},"name":{"type":"string","description_kind":"plain","required":true},"tenant_ref":{"type":"string","description_kind":"plain","optional":true,"computed":true},"uuid":{"type":"string","description_kind":"plain","optional":true,"computed":true}},"block_types":{"configpb_attributes":{"nesting_mode":"set","block":{"attributes":{"version":{"type":"string","description_kind":"plain","optional":true,"computed":true}},"description_kind":"plain"}},"error_pages":{"nesting_mode":"list","block":{"attributes":{"enable":{"type":"string","description_kind":"plain","optional":true},"error_page_body_ref":{"type":"string","description_kind":"plain","optional":true,"computed":true},"error_redirect":{"type":"string","description_kind":"plain","optional":true,"computed":true},"index":{"type":"string","description_kind":"plain","optional":true,"computed":true}},"block_types":{"match":{"nesting_mode":"set","block":{"attributes":{"match_criteria":{"type":"string","description_kind":"plain","required":true},"status_codes":{"type":["list","number"],"description_kind":"plain","optional":true}},"block_types":{"ranges":{"nesting_mode":"list","block":{"attributes":{"begin":{"type":"string","description_kind":"plain","required":true},"end":{"type":"string","description_kind":"plain","required":true}},"description_kind":"plain"}}},"description_kind":"plain"}}},"description_kind":"plain"}},"markers":{"nesting_mode":"list","block":{"attributes":{"key":{"type":"string","description_kind":"plain","required":true},"values":{"type":["list","string"],"description_kind":"plain","optional":true}},"description_kind":"plain"}}},"description_kind":"plain"}},"avi_federationcheckpoint":{"version":0,"block":{"attributes":{"date":{"type":"string","description_kind":"plain","optional":true,"computed":true},"description":{"type":"string","description_kind":"plain","optional":true,"computed":true},"id":{"type":"string","description_kind":"plain","optional":true,"computed":true},"is_federated":{"type":"string","description_kind":"plain","optional":true},"name":{"type":"string","description_kind":"plain","required":true},"tenant_ref":{"type":"string","description_kind":"plain","optional":true,"computed":true},"uuid":{"type":"string","description_kind":"plain","optional":true,"computed":true}},"block_types":{"configpb_attributes":{"nesting_mode":"set","block":{"attributes":{"version":{"type":"string","description_kind":"plain","optional":true,"computed":true}},"description_kind":"plain"}}},"description_kind":"plain"}},"avi_fileobject":{"version":0,"block":{"attributes":{"checksum":{"type":"string","description_kind":"plain","optional":true,"computed":true},"compressed":{"type":"string","description_kind":"plain","optional":true},"created":{"type":"string","description_kind":"plain","optional":true,"computed":true},"description":{"type":"string","description_kind":"plain","optional":true,"computed":true},"expires_at":{"type":"string","description_kind":"plain","optional":true,"computed":true},"id":{"type":"string","description_kind":"plain","optional":true,"computed":true},"is_federated":{"type":"string","description_kind":"plain","optional":true},"name":{"type":"string","description_kind":"plain","required":true},"path":{"type":"string","description_kind":"plain","optional":true,"computed":true},"read_only":{"type":"string","description_kind":"plain","optional":true,"computed":true},"restrict_download":{"type":"string","description_kind":"plain","optional":true,"computed":true},"size":{"type":"string","description_kind":"plain","optional":true,"computed":true},"tenant_ref":{"type":"string","description_kind":"plain","optional":true,"computed":true},"type":{"type":"string","description_kind":"plain","required":true},"uuid":{"type":"string","description_kind":"plain","optional":true,"computed":true},"version":{"type":"string","description_kind":"plain","optional":true,"computed":true}},"description_kind":"plain"}},"avi_fileservice":{"version":0,"block":{"attributes":{"id":{"type":"string","description_kind":"plain","optional":true,"computed":true},"local_file":{"type":"string","description_kind":"plain","required":true},"upload":{"type":"bool","description_kind":"plain","optional":true},"uri":{"type":"string","description_kind":"plain","required":true}},"description_kind":"plain"}},"avi_geodb":{"version":0,"block":{"attributes":{"description":{"type":"string","description_kind":"plain","optional":true,"computed":true},"id":{"type":"string","description_kind":"plain","optional":true,"computed":true},"is_federated":{"type":"string","description_kind":"plain","optional":true},"name":{"type":"string","description_kind":"plain","required":true},"tenant_ref":{"type":"string","description_kind":"plain","optional":true,"computed":true},"uuid":{"type":"string","description_kind":"plain","optional":true,"computed":true}},"block_types":{"files":{"nesting_mode":"list","block":{"attributes":{"enabled":{"type":"string","description_kind":"plain","optional":true},"file_ref":{"type":"string","description_kind":"plain","required":true},"index":{"type":"string","description_kind":"plain","required":true},"name":{"type":"string","description_kind":"plain","required":true},"vendor":{"type":"string","description_kind":"plain","required":true}},"description_kind":"plain"},"min_items":1},"mappings":{"nesting_mode":"list","block":{"attributes":{"description":{"type":"string","description_kind":"plain","optional":true,"computed":true},"name":{"type":"string","description_kind":"plain","required":true}},"block_types":{"elements":{"nesting_mode":"list","block":{"attributes":{"attribute":{"type":"string","description_kind":"plain","required":true},"values":{"type":["list","string"],"description_kind":"plain","required":true}},"description_kind":"plain"},"min_items":1}},"description_kind":"plain"}}},"description_kind":"plain"}},"avi_gslb":{"version":0,"block":{"attributes":{"async_interval":{"type":"string","description_kind":"plain","optional":true},"clear_on_max_retries":{"type":"string","description_kind":"plain","optional":true},"description":{"type":"string","description_kind":"plain","optional":true,"computed":true},"enable_config_by_members":{"type":"string","description_kind":"plain","optional":true},"error_resync_interval":{"type":"string","description_kind":"plain","optional":true},"id":{"type":"string","description_kind":"plain","optional":true,"computed":true},"is_federated":{"type":"string","description_kind":"plain","optional":true},"leader_cluster_uuid":{"type":"string","description_kind":"plain","required":true},"maintenance_mode":{"type":"string","description_kind":"plain","optional":true},"name":{"type":"string","description_kind":"plain","required":true},"send_interval":{"type":"string","description_kind":"plain","optional":true},"send_interval_prior_to_maintenance_mode":{"type":"string","description_kind":"plain","optional":true,"computed":true},"tenant_ref":{"type":"string","description_kind":"plain","optional":true,"computed":true},"tenant_scoped":{"type":"string","description_kind":"plain","optional":true},"uuid":{"type":"string","description_kind":"plain","optional":true,"computed":true},"view_id":{"type":"string","description_kind":"plain","optional":true}},"block_types":{"client_ip_addr_group":{"nesting_mode":"set","block":{"attributes":{"type":{"type":"string","description_kind":"plain","optional":true}},"block_types":{"addrs":{"nesting_mode":"list","block":{"attributes":{"addr":{"type":"string","description_kind":"plain","required":true},"type":{"type":"string","description_kind":"plain","required":true}},"description_kind":"plain"}},"prefixes":{"nesting_mode":"list","block":{"attributes":{"mask":{"type":"string","description_kind":"plain","required":true}},"block_types":{"ip_addr":{"nesting_mode":"set","block":{"attributes":{"addr":{"type":"string","description_kind":"plain","required":true},"type":{"type":"string","description_kind":"plain","required":true}},"description_kind":"plain"},"min_items":1}},"description_kind":"plain"}},"ranges":{"nesting_mode":"list","block":{"block_types":{"begin":{"nesting_mode":"set","block":{"attributes":{"addr":{"type":"string","description_kind":"plain","required":true},"type":{"type":"string","description_kind":"plain","required":true}},"description_kind":"plain"},"min_items":1},"end":{"nesting_mode":"set","block":{"attributes":{"addr":{"type":"string","description_kind":"plain","required":true},"type":{"type":"string","description_kind":"plain","required":true}},"description_kind":"plain"},"min_items":1}},"description_kind":"plain"}}},"description_kind":"plain"}},"configpb_attributes":{"nesting_mode":"set","block":{"attributes":{"version":{"type":"string","description_kind":"plain","optional":true,"computed":true}},"description_kind":"plain"}},"dns_configs":{"nesting_mode":"list","block":{"attributes":{"domain_name":{"type":"string","description_kind":"plain","required":true}},"description_kind":"plain"}},"replication_policy":{"nesting_mode":"set","block":{"attributes":{"checkpoint_ref":{"type":"string","description_kind":"plain","optional":true,"computed":true},"replication_mode":{"type":"string","description_kind":"plain","optional":true}},"description_kind":"plain"}},"sites":{"nesting_mode":"list","block":{"attributes":{"address":{"type":"string","description_kind":"plain","optional":true,"computed":true},"cluster_uuid":{"type":"string","description_kind":"plain","required":true},"enabled":{"type":"string","description_kind":"plain","optional":true},"hm_shard_enabled":{"type":"string","description_kind":"plain","optional":true},"member_type":{"type":"string","description_kind":"plain","optional":true},"name":{"type":"string","description_kind":"plain","required":true},"password":{"type":"string","description_kind":"plain","required":true,"sensitive":true},"port":{"type":"string","description_kind":"plain","optional":true},"ratio":{"type":"string","description_kind":"plain","optional":true,"computed":true},"suspend_mode":{"type":"string","description_kind":"plain","optional":true},"username":{"type":"string","description_kind":"plain","required":true},"uuid":{"type":"string","description_kind":"plain","optional":true,"computed":true}},"block_types":{"dns_vses":{"nesting_mode":"list","block":{"attributes":{"dns_vs_uuid":{"type":"string","description_kind":"plain","required":true},"domain_names":{"type":["list","string"],"description_kind":"plain","optional":true}},"description_kind":"plain"}},"hm_proxies":{"nesting_mode":"list","block":{"attributes":{"proxy_type":{"type":"string","description_kind":"plain","optional":true},"site_uuid":{"type":"string","description_kind":"plain","optional":true,"computed":true}},"description_kind":"plain"}},"ip_addresses":{"nesting_mode":"list","block":{"attributes":{"addr":{"type":"string","description_kind":"plain","required":true},"type":{"type":"string","description_kind":"plain","required":true}},"description_kind":"plain"}},"location":{"nesting_mode":"set","block":{"attributes":{"source":{"type":"string","description_kind":"plain","required":true}},"block_types":{"location":{"nesting_mode":"set","block":{"attributes":{"latitude":{"type":"string","description_kind":"plain","optional":true,"computed":true},"longitude":{"type":"string","description_kind":"plain","optional":true,"computed":true},"name":{"type":"string","description_kind":"plain","optional":true,"computed":true},"tag":{"type":"string","description_kind":"plain","optional":true,"computed":true}},"description_kind":"plain"}}},"description_kind":"plain"}}},"description_kind":"plain"},"min_items":1},"third_party_sites":{"nesting_mode":"list","block":{"attributes":{"enabled":{"type":"string","description_kind":"plain","optional":true},"name":{"type":"string","description_kind":"plain","required":true},"ratio":{"type":"string","description_kind":"plain","optional":true,"computed":true},"uuid":{"type":"string","description_kind":"plain","optional":true,"computed":true}},"block_types":{"hm_proxies":{"nesting_mode":"list","block":{"attributes":{"proxy_type":{"type":"string","description_kind":"plain","optional":true},"site_uuid":{"type":"string","description_kind":"plain","optional":true,"computed":true}},"description_kind":"plain"}},"location":{"nesting_mode":"set","block":{"attributes":{"source":{"type":"string","description_kind":"plain","required":true}},"block_types":{"location":{"nesting_mode":"set","block":{"attributes":{"latitude":{"type":"string","description_kind":"plain","optional":true,"computed":true},"longitude":{"type":"string","description_kind":"plain","optional":true,"computed":true},"name":{"type":"string","description_kind":"plain","optional":true,"computed":true},"tag":{"type":"string","description_kind":"plain","optional":true,"computed":true}},"description_kind":"plain"}}},"description_kind":"plain"}}},"description_kind":"plain"}}},"description_kind":"plain"}},"avi_gslbgeodbprofile":{"version":0,"block":{"attributes":{"description":{"type":"string","description_kind":"plain","optional":true,"computed":true},"id":{"type":"string","description_kind":"plain","optional":true,"computed":true},"is_federated":{"type":"string","description_kind":"plain","optional":true},"name":{"type":"string","description_kind":"plain","required":true},"tenant_ref":{"type":"string","description_kind":"plain","optional":true,"computed":true},"uuid":{"type":"string","description_kind":"plain","optional":true,"computed":true}},"block_types":{"configpb_attributes":{"nesting_mode":"set","block":{"attributes":{"version":{"type":"string","description_kind":"plain","optional":true,"computed":true}},"description_kind":"plain"}},"entries":{"nesting_mode":"list","block":{"attributes":{"priority":{"type":"string","description_kind":"plain","optional":true}},"block_types":{"file":{"nesting_mode":"set","block":{"attributes":{"filename":{"type":"string","description_kind":"plain","optional":true,"computed":true},"format":{"type":"string","description_kind":"plain","optional":true}},"description_kind":"plain"},"min_items":1}},"description_kind":"plain"},"min_items":1},"markers":{"nesting_mode":"list","block":{"attributes":{"key":{"type":"string","description_kind":"plain","required":true},"values":{"type":["list","string"],"description_kind":"plain","optional":true}},"description_kind":"plain"}}},"description_kind":"plain"}},"avi_gslbservice":{"version":0,"block":{"attributes":{"application_persistence_profile_ref":{"type":"string","description_kind":"plain","optional":true,"computed":true},"controller_health_status_enabled":{"type":"string","description_kind":"plain","optional":true},"created_by":{"type":"string","description_kind":"plain","optional":true,"computed":true},"description":{"type":"string","description_kind":"plain","optional":true,"computed":true},"domain_names":{"type":["list","string"],"description_kind":"plain","required":true},"enabled":{"type":"string","description_kind":"plain","optional":true},"health_monitor_refs":{"type":["list","string"],"description_kind":"plain","optional":true},"health_monitor_scope":{"type":"string","description_kind":"plain","optional":true},"hm_off":{"type":"string","description_kind":"plain","optional":true,"computed":true},"id":{"type":"string","description_kind":"plain","optional":true,"computed":true},"is_federated":{"type":"string","description_kind":"plain","optional":true},"min_members":{"type":"string","description_kind":"plain","optional":true},"name":{"type":"string","description_kind":"plain","required":true},"num_dns_ip":{"type":"string","description_kind":"plain","optional":true,"computed":true},"pool_algorithm":{"type":"string","description_kind":"plain","optional":true},"resolve_cname":{"type":"string","description_kind":"plain","optional":true},"site_persistence_enabled":{"type":"string","description_kind":"plain","optional":true},"tenant_ref":{"type":"string","description_kind":"plain","optional":true,"computed":true},"ttl":{"type":"string","description_kind":"plain","optional":true,"computed":true},"use_edns_client_subnet":{"type":"string","description_kind":"plain","optional":true},"uuid":{"type":"string","description_kind":"plain","optional":true,"computed":true},"wildcard_match":{"type":"string","description_kind":"plain","optional":true}},"block_types":{"configpb_attributes":{"nesting_mode":"set","block":{"attributes":{"version":{"type":"string","description_kind":"plain","optional":true,"computed":true}},"description_kind":"plain"}},"down_response":{"nesting_mode":"set","block":{"attributes":{"type":{"type":"string","description_kind":"plain","optional":true}},"block_types":{"fallback_ip":{"nesting_mode":"set","block":{"attributes":{"addr":{"type":"string","description_kind":"plain","required":true},"type":{"type":"string","description_kind":"plain","required":true}},"description_kind":"plain"}},"fallback_ip6":{"nesting_mode":"set","block":{"attributes":{"addr":{"type":"string","description_kind":"plain","required":true},"type":{"type":"string","description_kind":"plain","required":true}},"description_kind":"plain"}}},"description_kind":"plain"}},"groups":{"nesting_mode":"list","block":{"attributes":{"algorithm":{"type":"string","description_kind":"plain","optional":true},"consistent_hash_mask":{"type":"string","description_kind":"plain","optional":true,"computed":true},"consistent_hash_mask6":{"type":"string","description_kind":"plain","optional":true,"computed":true},"description":{"type":"string","description_kind":"plain","optional":true,"computed":true},"enabled":{"type":"string","description_kind":"plain","optional":true},"fallback_algorithm":{"type":"string","description_kind":"plain","optional":true,"computed":true},"min_health_monitors_up":{"type":"string","description_kind":"plain","optional":true,"computed":true},"name":{"type":"string","description_kind":"plain","required":true},"priority":{"type":"string","description_kind":"plain","optional":true}},"block_types":{"members":{"nesting_mode":"list","block":{"attributes":{"cloud_uuid":{"type":"string","description_kind":"plain","optional":true,"computed":true},"cluster_uuid":{"type":"string","description_kind":"plain","optional":true,"computed":true},"description":{"type":"string","description_kind":"plain","optional":true,"computed":true},"enabled":{"type":"string","description_kind":"plain","optional":true},"fqdn":{"type":"string","description_kind":"plain","optional":true,"computed":true},"hostname":{"type":"string","description_kind":"plain","optional":true,"computed":true},"ratio":{"type":"string","description_kind":"plain","optional":true},"resolve_fqdn_to_v6":{"type":"string","description_kind":"plain","optional":true},"vs_uuid":{"type":"string","description_kind":"plain","optional":true,"computed":true}},"block_types":{"ip":{"nesting_mode":"set","block":{"attributes":{"addr":{"type":"string","description_kind":"plain","required":true},"type":{"type":"string","description_kind":"plain","required":true}},"description_kind":"plain"}},"location":{"nesting_mode":"set","block":{"attributes":{"source":{"type":"string","description_kind":"plain","required":true}},"block_types":{"location":{"nesting_mode":"set","block":{"attributes":{"latitude":{"type":"string","description_kind":"plain","optional":true,"computed":true},"longitude":{"type":"string","description_kind":"plain","optional":true,"computed":true},"name":{"type":"string","description_kind":"plain","optional":true,"computed":true},"tag":{"type":"string","description_kind":"plain","optional":true,"computed":true}},"description_kind":"plain"}}},"description_kind":"plain"}},"public_ip":{"nesting_mode":"set","block":{"block_types":{"ip":{"nesting_mode":"set","block":{"attributes":{"addr":{"type":"string","description_kind":"plain","required":true},"type":{"type":"string","description_kind":"plain","required":true}},"description_kind":"plain"}}},"description_kind":"plain"}}},"description_kind":"plain"},"min_items":1}},"description_kind":"plain"},"min_items":1},"markers":{"nesting_mode":"list","block":{"attributes":{"key":{"type":"string","description_kind":"plain","required":true},"values":{"type":["list","string"],"description_kind":"plain","optional":true}},"description_kind":"plain"}}},"description_kind":"plain"}},"avi_hardwaresecuritymodulegroup":{"version":0,"block":{"attributes":{"id":{"type":"string","description_kind":"plain","optional":true,"computed":true},"name":{"type":"string","description_kind":"plain","required":true},"tenant_ref":{"type":"string","description_kind":"plain","optional":true,"computed":true},"uuid":{"type":"string","description_kind":"plain","optional":true,"computed":true}},"block_types":{"configpb_attributes":{"nesting_mode":"set","block":{"attributes":{"version":{"type":"string","description_kind":"plain","optional":true,"computed":true}},"description_kind":"plain"}},"hsm":{"nesting_mode":"set","block":{"attributes":{"type":{"type":"string","description_kind":"plain","required":true}},"block_types":{"cloudhsm":{"nesting_mode":"set","block":{"attributes":{"cluster_cert":{"type":"string","description_kind":"plain","optional":true,"computed":true},"crypto_user_name":{"type":"string","description_kind":"plain","optional":true,"computed":true},"crypto_user_password":{"type":"string","description_kind":"plain","optional":true,"computed":true,"sensitive":true},"hsm_ip":{"type":["list","string"],"description_kind":"plain","optional":true}},"description_kind":"plain"}},"nethsm":{"nesting_mode":"list","block":{"attributes":{"esn":{"type":"string","description_kind":"plain","required":true},"keyhash":{"type":"string","description_kind":"plain","required":true},"module_id":{"type":"string","description_kind":"plain","optional":true},"priority":{"type":"string","description_kind":"plain","required":true},"remote_port":{"type":"string","description_kind":"plain","optional":true}},"block_types":{"remote_ip":{"nesting_mode":"set","block":{"attributes":{"addr":{"type":"string","description_kind":"plain","required":true},"type":{"type":"string","description_kind":"plain","required":true}},"description_kind":"plain"},"min_items":1}},"description_kind":"plain"}},"rfs":{"nesting_mode":"set","block":{"attributes":{"port":{"type":"string","description_kind":"plain","optional":true}},"block_types":{"ip":{"nesting_mode":"set","block":{"attributes":{"addr":{"type":"string","description_kind":"plain","required":true},"type":{"type":"string","description_kind":"plain","required":true}},"description_kind":"plain"},"min_items":1}},"description_kind":"plain"}},"sluna":{"nesting_mode":"set","block":{"attributes":{"ha_group_num":{"type":"string","description_kind":"plain","optional":true,"computed":true},"is_ha":{"type":"string","description_kind":"plain","required":true},"server_pem":{"type":"string","description_kind":"plain","optional":true,"computed":true},"use_dedicated_network":{"type":"string","description_kind":"plain","optional":true}},"block_types":{"node_info":{"nesting_mode":"list","block":{"attributes":{"chrystoki_conf":{"type":"string","description_kind":"plain","optional":true,"computed":true},"client_cert":{"type":"string","description_kind":"plain","optional":true,"computed":true},"client_ip":{"type":"string","description_kind":"plain","required":true},"client_priv_key":{"type":"string","description_kind":"plain","optional":true,"computed":true,"sensitive":true},"session_major_number":{"type":"string","description_kind":"plain","optional":true,"computed":true},"session_minor_number":{"type":"string","description_kind":"plain","optional":true,"computed":true}},"description_kind":"plain"}},"server":{"nesting_mode":"list","block":{"attributes":{"index":{"type":"string","description_kind":"plain","required":true},"partition_passwd":{"type":"string","description_kind":"plain","optional":true,"computed":true,"sensitive":true},"partition_serial_number":{"type":"string","description_kind":"plain","optional":true,"computed":true},"remote_ip":{"type":"string","description_kind":"plain","required":true},"server_cert":{"type":"string","description_kind":"plain","required":true}},"description_kind":"plain"}}},"description_kind":"plain"}}},"description_kind":"plain"},"min_items":1},"markers":{"nesting_mode":"list","block":{"attributes":{"key":{"type":"string","description_kind":"plain","required":true},"values":{"type":["list","string"],"description_kind":"plain","optional":true}},"description_kind":"plain"}}},"description_kind":"plain"}},"avi_healthmonitor":{"version":0,"block":{"attributes":{"allow_duplicate_monitors":{"type":"string","description_kind":"plain","optional":true,"computed":true},"description":{"type":"string","description_kind":"plain","optional":true,"computed":true},"disable_quickstart":{"type":"string","description_kind":"plain","optional":true,"computed":true},"failed_checks":{"type":"string","description_kind":"plain","optional":true},"id":{"type":"string","description_kind":"plain","optional":true,"computed":true},"is_federated":{"type":"string","description_kind":"plain","optional":true},"monitor_port":{"type":"string","description_kind":"plain","optional":true,"computed":true},"name":{"type":"string","description_kind":"plain","required":true},"receive_timeout":{"type":"string","description_kind":"plain","optional":true},"send_interval":{"type":"string","description_kind":"plain","optional":true},"successful_checks":{"type":"string","description_kind":"plain","optional":true},"tenant_ref":{"type":"string","description_kind":"plain","optional":true,"computed":true},"type":{"type":"string","description_kind":"plain","required":true},"uuid":{"type":"string","description_kind":"plain","optional":true,"computed":true}},"block_types":{"authentication":{"nesting_mode":"set","block":{"attributes":{"password":{"type":"string","description_kind":"plain","required":true,"sensitive":true},"username":{"type":"string","description_kind":"plain","required":true,"sensitive":true}},"description_kind":"plain"}},"configpb_attributes":{"nesting_mode":"set","block":{"attributes":{"version":{"type":"string","description_kind":"plain","optional":true,"computed":true}},"description_kind":"plain"}},"dns_monitor":{"nesting_mode":"set","block":{"attributes":{"qtype":{"type":"string","description_kind":"plain","optional":true},"query_name":{"type":"string","description_kind":"plain","required":true},"rcode":{"type":"string","description_kind":"plain","optional":true},"record_type":{"type":"string","description_kind":"plain","optional":true},"response_string":{"type":"string","description_kind":"plain","optional":true,"computed":true}},"description_kind":"plain"}},"external_monitor":{"nesting_mode":"set","block":{"attributes":{"command_code":{"type":"string","description_kind":"plain","required":true},"command_parameters":{"type":"string","description_kind":"plain","optional":true,"computed":true},"command_path":{"type":"string","description_kind":"plain","optional":true,"computed":true},"command_variables":{"type":"string","description_kind":"plain","optional":true,"computed":true}},"description_kind":"plain"}},"http_monitor":{"nesting_mode":"set","block":{"attributes":{"auth_type":{"type":"string","description_kind":"plain","optional":true,"computed":true},"exact_http_request":{"type":"string","description_kind":"plain","optional":true},"http_request":{"type":"string","description_kind":"plain","optional":true},"http_request_body":{"type":"string","description_kind":"plain","optional":true,"computed":true},"http_response":{"type":"string","description_kind":"plain","optional":true,"computed":true},"http_response_code":{"type":["list","string"],"description_kind":"plain","required":true},"maintenance_code":{"type":["list","number"],"description_kind":"plain","optional":true},"maintenance_response":{"type":"string","description_kind":"plain","optional":true,"computed":true},"response_size":{"type":"string","description_kind":"plain","optional":true,"computed":true}},"block_types":{"ssl_attributes":{"nesting_mode":"set","block":{"attributes":{"pki_profile_ref":{"type":"string","description_kind":"plain","optional":true,"computed":true},"server_name":{"type":"string","description_kind":"plain","optional":true,"computed":true},"ssl_key_and_certificate_ref":{"type":"string","description_kind":"plain","optional":true,"computed":true},"ssl_profile_ref":{"type":"string","description_kind":"plain","required":true}},"description_kind":"plain"}}},"description_kind":"plain"}},"https_monitor":{"nesting_mode":"set","block":{"attributes":{"auth_type":{"type":"string","description_kind":"plain","optional":true,"computed":true},"exact_http_request":{"type":"string","description_kind":"plain","optional":true},"http_request":{"type":"string","description_kind":"plain","optional":true},"http_request_body":{"type":"string","description_kind":"plain","optional":true,"computed":true},"http_response":{"type":"string","description_kind":"plain","optional":true,"computed":true},"http_response_code":{"type":["list","string"],"description_kind":"plain","required":true},"maintenance_code":{"type":["list","number"],"description_kind":"plain","optional":true},"maintenance_response":{"type":"string","description_kind":"plain","optional":true,"computed":true},"response_size":{"type":"string","description_kind":"plain","optional":true,"computed":true}},"block_types":{"ssl_attributes":{"nesting_mode":"set","block":{"attributes":{"pki_profile_ref":{"type":"string","description_kind":"plain","optional":true,"computed":true},"server_name":{"type":"string","description_kind":"plain","optional":true,"computed":true},"ssl_key_and_certificate_ref":{"type":"string","description_kind":"plain","optional":true,"computed":true},"ssl_profile_ref":{"type":"string","description_kind":"plain","required":true}},"description_kind":"plain"}}},"description_kind":"plain"}},"imap_monitor":{"nesting_mode":"set","block":{"attributes":{"folder":{"type":"string","description_kind":"plain","optional":true,"computed":true}},"block_types":{"ssl_attributes":{"nesting_mode":"set","block":{"attributes":{"pki_profile_ref":{"type":"string","description_kind":"plain","optional":true,"computed":true},"server_name":{"type":"string","description_kind":"plain","optional":true,"computed":true},"ssl_key_and_certificate_ref":{"type":"string","description_kind":"plain","optional":true,"computed":true},"ssl_profile_ref":{"type":"string","description_kind":"plain","required":true}},"description_kind":"plain"}}},"description_kind":"plain"}},"imaps_monitor":{"nesting_mode":"set","block":{"attributes":{"folder":{"type":"string","description_kind":"plain","optional":true,"computed":true}},"block_types":{"ssl_attributes":{"nesting_mode":"set","block":{"attributes":{"pki_profile_ref":{"type":"string","description_kind":"plain","optional":true,"computed":true},"server_name":{"type":"string","description_kind":"plain","optional":true,"computed":true},"ssl_key_and_certificate_ref":{"type":"string","description_kind":"plain","optional":true,"computed":true},"ssl_profile_ref":{"type":"string","description_kind":"plain","required":true}},"description_kind":"plain"}}},"description_kind":"plain"}},"markers":{"nesting_mode":"list","block":{"attributes":{"key":{"type":"string","description_kind":"plain","required":true},"values":{"type":["list","string"],"description_kind":"plain","optional":true}},"description_kind":"plain"}},"pop3_monitor":{"nesting_mode":"set","block":{"block_types":{"ssl_attributes":{"nesting_mode":"set","block":{"attributes":{"pki_profile_ref":{"type":"string","description_kind":"plain","optional":true,"computed":true},"server_name":{"type":"string","description_kind":"plain","optional":true,"computed":true},"ssl_key_and_certificate_ref":{"type":"string","description_kind":"plain","optional":true,"computed":true},"ssl_profile_ref":{"type":"string","description_kind":"plain","required":true}},"description_kind":"plain"}}},"description_kind":"plain"}},"pop3s_monitor":{"nesting_mode":"set","block":{"block_types":{"ssl_attributes":{"nesting_mode":"set","block":{"attributes":{"pki_profile_ref":{"type":"string","description_kind":"plain","optional":true,"computed":true},"server_name":{"type":"string","description_kind":"plain","optional":true,"computed":true},"ssl_key_and_certificate_ref":{"type":"string","description_kind":"plain","optional":true,"computed":true},"ssl_profile_ref":{"type":"string","description_kind":"plain","required":true}},"description_kind":"plain"}}},"description_kind":"plain"}},"radius_monitor":{"nesting_mode":"set","block":{"attributes":{"password":{"type":"string","description_kind":"plain","required":true,"sensitive":true},"shared_secret":{"type":"string","description_kind":"plain","required":true,"sensitive":true},"username":{"type":"string","description_kind":"plain","required":true}},"description_kind":"plain"}},"sip_monitor":{"nesting_mode":"set","block":{"attributes":{"sip_monitor_transport":{"type":"string","description_kind":"plain","optional":true},"sip_request_code":{"type":"string","description_kind":"plain","optional":true},"sip_response":{"type":"string","description_kind":"plain","optional":true}},"description_kind":"plain"}},"smtp_monitor":{"nesting_mode":"set","block":{"attributes":{"domainname":{"type":"string","description_kind":"plain","optional":true,"computed":true},"mail_data":{"type":"string","description_kind":"plain","optional":true,"computed":true},"recipients_ids":{"type":["list","string"],"description_kind":"plain","optional":true},"sender_id":{"type":"string","description_kind":"plain","optional":true,"computed":true}},"block_types":{"ssl_attributes":{"nesting_mode":"set","block":{"attributes":{"pki_profile_ref":{"type":"string","description_kind":"plain","optional":true,"computed":true},"server_name":{"type":"string","description_kind":"plain","optional":true,"computed":true},"ssl_key_and_certificate_ref":{"type":"string","description_kind":"plain","optional":true,"computed":true},"ssl_profile_ref":{"type":"string","description_kind":"plain","required":true}},"description_kind":"plain"}}},"description_kind":"plain"}},"smtps_monitor":{"nesting_mode":"set","block":{"attributes":{"domainname":{"type":"string","description_kind":"plain","optional":true,"computed":true},"mail_data":{"type":"string","description_kind":"plain","optional":true,"computed":true},"recipients_ids":{"type":["list","string"],"description_kind":"plain","optional":true},"sender_id":{"type":"string","description_kind":"plain","optional":true,"computed":true}},"block_types":{"ssl_attributes":{"nesting_mode":"set","block":{"attributes":{"pki_profile_ref":{"type":"string","description_kind":"plain","optional":true,"computed":true},"server_name":{"type":"string","description_kind":"plain","optional":true,"computed":true},"ssl_key_and_certificate_ref":{"type":"string","description_kind":"plain","optional":true,"computed":true},"ssl_profile_ref":{"type":"string","description_kind":"plain","required":true}},"description_kind":"plain"}}},"description_kind":"plain"}},"tcp_monitor":{"nesting_mode":"set","block":{"attributes":{"maintenance_response":{"type":"string","description_kind":"plain","optional":true,"computed":true},"tcp_half_open":{"type":"string","description_kind":"plain","optional":true},"tcp_request":{"type":"string","description_kind":"plain","optional":true,"computed":true},"tcp_response":{"type":"string","description_kind":"plain","optional":true,"computed":true}},"description_kind":"plain"}},"udp_monitor":{"nesting_mode":"set","block":{"attributes":{"maintenance_response":{"type":"string","description_kind":"plain","optional":true,"computed":true},"udp_request":{"type":"string","description_kind":"plain","optional":true,"computed":true},"udp_response":{"type":"string","description_kind":"plain","optional":true,"computed":true}},"description_kind":"plain"}}},"description_kind":"plain"}},"avi_httppolicyset":{"version":0,"block":{"attributes":{"cloud_config_cksum":{"type":"string","description_kind":"plain","optional":true,"computed":true},"created_by":{"type":"string","description_kind":"plain","optional":true,"computed":true},"description":{"type":"string","description_kind":"plain","optional":true,"computed":true},"geo_db_ref":{"type":"string","description_kind":"plain","optional":true,"computed":true},"id":{"type":"string","description_kind":"plain","optional":true,"computed":true},"ip_reputation_db_ref":{"type":"string","description_kind":"plain","optional":true,"computed":true},"is_internal_policy":{"type":"string","description_kind":"plain","optional":true},"name":{"type":"string","description_kind":"plain","required":true},"tenant_ref":{"type":"string","description_kind":"plain","optional":true,"computed":true},"uuid":{"type":"string","description_kind":"plain","optional":true,"computed":true}},"block_types":{"configpb_attributes":{"nesting_mode":"set","block":{"attributes":{"version":{"type":"string","description_kind":"plain","optional":true,"computed":true}},"description_kind":"plain"}},"http_request_policy":{"nesting_mode":"set","block":{"block_types":{"rules":{"nesting_mode":"list","block":{"attributes":{"all_headers":{"type":"string","description_kind":"plain","optional":true,"computed":true},"enable":{"type":"string","description_kind":"plain","required":true},"index":{"type":"string","description_kind":"plain","required":true},"log":{"type":"string","description_kind":"plain","optional":true,"computed":true},"name":{"type":"string","description_kind":"plain","required":true}},"block_types":{"hdr_action":{"nesting_mode":"list","block":{"attributes":{"action":{"type":"string","description_kind":"plain","required":true}},"block_types":{"cookie":{"nesting_mode":"set","block":{"attributes":{"name":{"type":"string","description_kind":"plain","optional":true,"computed":true},"value":{"type":"string","description_kind":"plain","optional":true,"computed":true}},"description_kind":"plain"}},"hdr":{"nesting_mode":"set","block":{"attributes":{"name":{"type":"string","description_kind":"plain","optional":true,"computed":true}},"block_types":{"value":{"nesting_mode":"set","block":{"attributes":{"val":{"type":"string","description_kind":"plain","optional":true,"computed":true},"var":{"type":"string","description_kind":"plain","optional":true,"computed":true}},"description_kind":"plain"}}},"description_kind":"plain"}}},"description_kind":"plain"}},"match":{"nesting_mode":"set","block":{"block_types":{"bot_detection_result":{"nesting_mode":"set","block":{"attributes":{"match_operation":{"type":"string","description_kind":"plain","required":true}},"block_types":{"classifications":{"nesting_mode":"list","block":{"attributes":{"type":{"type":"string","description_kind":"plain","required":true},"user_defined_type":{"type":"string","description_kind":"plain","optional":true,"computed":true}},"description_kind":"plain"}}},"description_kind":"plain"}},"client_ip":{"nesting_mode":"set","block":{"attributes":{"group_refs":{"type":["list","string"],"description_kind":"plain","optional":true},"match_criteria":{"type":"string","description_kind":"plain","required":true}},"block_types":{"addrs":{"nesting_mode":"list","block":{"attributes":{"addr":{"type":"string","description_kind":"plain","required":true},"type":{"type":"string","description_kind":"plain","required":true}},"description_kind":"plain"}},"prefixes":{"nesting_mode":"list","block":{"attributes":{"mask":{"type":"string","description_kind":"plain","required":true}},"block_types":{"ip_addr":{"nesting_mode":"set","block":{"attributes":{"addr":{"type":"string","description_kind":"plain","required":true},"type":{"type":"string","description_kind":"plain","required":true}},"description_kind":"plain"},"min_items":1}},"description_kind":"plain"}},"ranges":{"nesting_mode":"list","block":{"block_types":{"begin":{"nesting_mode":"set","block":{"attributes":{"addr":{"type":"string","description_kind":"plain","required":true},"type":{"type":"string","description_kind":"plain","required":true}},"description_kind":"plain"},"min_items":1},"end":{"nesting_mode":"set","block":{"attributes":{"addr":{"type":"string","description_kind":"plain","required":true},"type":{"type":"string","description_kind":"plain","required":true}},"description_kind":"plain"},"min_items":1}},"description_kind":"plain"}}},"description_kind":"plain"}},"cookie":{"nesting_mode":"set","block":{"attributes":{"match_case":{"type":"string","description_kind":"plain","optional":true},"match_criteria":{"type":"string","description_kind":"plain","required":true},"name":{"type":"string","description_kind":"plain","required":true},"value":{"type":"string","description_kind":"plain","optional":true,"computed":true}},"description_kind":"plain"}},"geo_matches":{"nesting_mode":"list","block":{"attributes":{"attribute":{"type":"string","description_kind":"plain","required":true},"match_operation":{"type":"string","description_kind":"plain","required":true},"values":{"type":["list","string"],"description_kind":"plain","required":true}},"description_kind":"plain"}},"hdrs":{"nesting_mode":"list","block":{"attributes":{"hdr":{"type":"string","description_kind":"plain","required":true},"match_case":{"type":"string","description_kind":"plain","optional":true},"match_criteria":{"type":"string","description_kind":"plain","required":true},"value":{"type":["list","string"],"description_kind":"plain","optional":true}},"description_kind":"plain"}},"host_hdr":{"nesting_mode":"set","block":{"attributes":{"match_case":{"type":"string","description_kind":"plain","optional":true},"match_criteria":{"type":"string","description_kind":"plain","required":true},"value":{"type":["list","string"],"description_kind":"plain","optional":true}},"description_kind":"plain"}},"ip_reputation_type":{"nesting_mode":"set","block":{"attributes":{"match_operation":{"type":"string","description_kind":"plain","required":true},"reputation_types":{"type":["list","string"],"description_kind":"plain","required":true}},"description_kind":"plain"}},"method":{"nesting_mode":"set","block":{"attributes":{"match_criteria":{"type":"string","description_kind":"plain","required":true},"methods":{"type":["list","string"],"description_kind":"plain","required":true}},"description_kind":"plain"}},"path":{"nesting_mode":"set","block":{"attributes":{"match_case":{"type":"string","description_kind":"plain","optional":true},"match_criteria":{"type":"string","description_kind":"plain","required":true},"match_str":{"type":["list","string"],"description_kind":"plain","optional":true},"string_group_refs":{"type":["list","string"],"description_kind":"plain","optional":true}},"description_kind":"plain"}},"protocol":{"nesting_mode":"set","block":{"attributes":{"match_criteria":{"type":"string","description_kind":"plain","required":true},"protocols":{"type":"string","description_kind":"plain","required":true}},"description_kind":"plain"}},"query":{"nesting_mode":"set","block":{"attributes":{"match_case":{"type":"string","description_kind":"plain","optional":true},"match_criteria":{"type":"string","description_kind":"plain","required":true},"match_str":{"type":["list","string"],"description_kind":"plain","optional":true},"string_group_refs":{"type":["list","string"],"description_kind":"plain","optional":true}},"description_kind":"plain"}},"version":{"nesting_mode":"set","block":{"attributes":{"match_criteria":{"type":"string","description_kind":"plain","required":true},"versions":{"type":["list","string"],"description_kind":"plain","required":true}},"description_kind":"plain"}},"vs_port":{"nesting_mode":"set","block":{"attributes":{"match_criteria":{"type":"string","description_kind":"plain","required":true},"ports":{"type":["list","number"],"description_kind":"plain","required":true}},"description_kind":"plain"}}},"description_kind":"plain"}},"redirect_action":{"nesting_mode":"set","block":{"attributes":{"add_string":{"type":"string","description_kind":"plain","optional":true,"computed":true},"keep_query":{"type":"string","description_kind":"plain","optional":true},"port":{"type":"string","description_kind":"plain","optional":true,"computed":true},"protocol":{"type":"string","description_kind":"plain","required":true},"status_code":{"type":"string","description_kind":"plain","optional":true}},"block_types":{"host":{"nesting_mode":"set","block":{"attributes":{"type":{"type":"string","description_kind":"plain","required":true}},"block_types":{"tokens":{"nesting_mode":"list","block":{"attributes":{"end_index":{"type":"string","description_kind":"plain","optional":true,"computed":true},"start_index":{"type":"string","description_kind":"plain","optional":true,"computed":true},"str_value":{"type":"string","description_kind":"plain","optional":true,"computed":true},"type":{"type":"string","description_kind":"plain","required":true}},"description_kind":"plain"},"min_items":1}},"description_kind":"plain"}},"path":{"nesting_mode":"set","block":{"attributes":{"type":{"type":"string","description_kind":"plain","required":true}},"block_types":{"tokens":{"nesting_mode":"list","block":{"attributes":{"end_index":{"type":"string","description_kind":"plain","optional":true,"computed":true},"start_index":{"type":"string","description_kind":"plain","optional":true,"computed":true},"str_value":{"type":"string","description_kind":"plain","optional":true,"computed":true},"type":{"type":"string","description_kind":"plain","required":true}},"description_kind":"plain"},"min_items":1}},"description_kind":"plain"}}},"description_kind":"plain"}},"rewrite_url_action":{"nesting_mode":"set","block":{"block_types":{"host_hdr":{"nesting_mode":"set","block":{"attributes":{"type":{"type":"string","description_kind":"plain","required":true}},"block_types":{"tokens":{"nesting_mode":"list","block":{"attributes":{"end_index":{"type":"string","description_kind":"plain","optional":true,"computed":true},"start_index":{"type":"string","description_kind":"plain","optional":true,"computed":true},"str_value":{"type":"string","description_kind":"plain","optional":true,"computed":true},"type":{"type":"string","description_kind":"plain","required":true}},"description_kind":"plain"},"min_items":1}},"description_kind":"plain"}},"path":{"nesting_mode":"set","block":{"attributes":{"type":{"type":"string","description_kind":"plain","required":true}},"block_types":{"tokens":{"nesting_mode":"list","block":{"attributes":{"end_index":{"type":"string","description_kind":"plain","optional":true,"computed":true},"start_index":{"type":"string","description_kind":"plain","optional":true,"computed":true},"str_value":{"type":"string","description_kind":"plain","optional":true,"computed":true},"type":{"type":"string","description_kind":"plain","required":true}},"description_kind":"plain"},"min_items":1}},"description_kind":"plain"}},"query":{"nesting_mode":"set","block":{"attributes":{"add_string":{"type":"string","description_kind":"plain","optional":true,"computed":true},"keep_query":{"type":"string","description_kind":"plain","optional":true}},"description_kind":"plain"}}},"description_kind":"plain"}},"switching_action":{"nesting_mode":"set","block":{"attributes":{"action":{"type":"string","description_kind":"plain","required":true},"pool_group_ref":{"type":"string","description_kind":"plain","optional":true,"computed":true},"pool_ref":{"type":"string","description_kind":"plain","optional":true,"computed":true},"status_code":{"type":"string","description_kind":"plain","optional":true,"computed":true}},"block_types":{"file":{"nesting_mode":"set","block":{"attributes":{"content_type":{"type":"string","description_kind":"plain","required":true},"file_content":{"type":"string","description_kind":"plain","required":true},"file_length":{"type":"string","description_kind":"plain","optional":true,"computed":true}},"description_kind":"plain"}},"server":{"nesting_mode":"set","block":{"attributes":{"hostname":{"type":"string","description_kind":"plain","optional":true,"computed":true},"port":{"type":"string","description_kind":"plain","optional":true,"computed":true}},"block_types":{"ip":{"nesting_mode":"set","block":{"attributes":{"addr":{"type":"string","description_kind":"plain","required":true},"type":{"type":"string","description_kind":"plain","required":true}},"description_kind":"plain"},"min_items":1}},"description_kind":"plain"}}},"description_kind":"plain"}}},"description_kind":"plain"}}},"description_kind":"plain"}},"http_response_policy":{"nesting_mode":"set","block":{"block_types":{"rules":{"nesting_mode":"list","block":{"attributes":{"all_headers":{"type":"string","description_kind":"plain","optional":true,"computed":true},"enable":{"type":"string","description_kind":"plain","required":true},"index":{"type":"string","description_kind":"plain","required":true},"log":{"type":"string","description_kind":"plain","optional":true,"computed":true},"name":{"type":"string","description_kind":"plain","required":true}},"block_types":{"hdr_action":{"nesting_mode":"list","block":{"attributes":{"action":{"type":"string","description_kind":"plain","required":true}},"block_types":{"cookie":{"nesting_mode":"set","block":{"attributes":{"name":{"type":"string","description_kind":"plain","optional":true,"computed":true},"value":{"type":"string","description_kind":"plain","optional":true,"computed":true}},"description_kind":"plain"}},"hdr":{"nesting_mode":"set","block":{"attributes":{"name":{"type":"string","description_kind":"plain","optional":true,"computed":true}},"block_types":{"value":{"nesting_mode":"set","block":{"attributes":{"val":{"type":"string","description_kind":"plain","optional":true,"computed":true},"var":{"type":"string","description_kind":"plain","optional":true,"computed":true}},"description_kind":"plain"}}},"description_kind":"plain"}}},"description_kind":"plain"}},"loc_hdr_action":{"nesting_mode":"set","block":{"attributes":{"keep_query":{"type":"string","description_kind":"plain","optional":true},"port":{"type":"string","description_kind":"plain","optional":true,"computed":true},"protocol":{"type":"string","description_kind":"plain","required":true}},"block_types":{"host":{"nesting_mode":"set","block":{"attributes":{"type":{"type":"string","description_kind":"plain","required":true}},"block_types":{"tokens":{"nesting_mode":"list","block":{"attributes":{"end_index":{"type":"string","description_kind":"plain","optional":true,"computed":true},"start_index":{"type":"string","description_kind":"plain","optional":true,"computed":true},"str_value":{"type":"string","description_kind":"plain","optional":true,"computed":true},"type":{"type":"string","description_kind":"plain","required":true}},"description_kind":"plain"},"min_items":1}},"description_kind":"plain"}},"path":{"nesting_mode":"set","block":{"attributes":{"type":{"type":"string","description_kind":"plain","required":true}},"block_types":{"tokens":{"nesting_mode":"list","block":{"attributes":{"end_index":{"type":"string","description_kind":"plain","optional":true,"computed":true},"start_index":{"type":"string","description_kind":"plain","optional":true,"computed":true},"str_value":{"type":"string","description_kind":"plain","optional":true,"computed":true},"type":{"type":"string","description_kind":"plain","required":true}},"description_kind":"plain"},"min_items":1}},"description_kind":"plain"}}},"description_kind":"plain"}},"match":{"nesting_mode":"set","block":{"block_types":{"client_ip":{"nesting_mode":"set","block":{"attributes":{"group_refs":{"type":["list","string"],"description_kind":"plain","optional":true},"match_criteria":{"type":"string","description_kind":"plain","required":true}},"block_types":{"addrs":{"nesting_mode":"list","block":{"attributes":{"addr":{"type":"string","description_kind":"plain","required":true},"type":{"type":"string","description_kind":"plain","required":true}},"description_kind":"plain"}},"prefixes":{"nesting_mode":"list","block":{"attributes":{"mask":{"type":"string","description_kind":"plain","required":true}},"block_types":{"ip_addr":{"nesting_mode":"set","block":{"attributes":{"addr":{"type":"string","description_kind":"plain","required":true},"type":{"type":"string","description_kind":"plain","required":true}},"description_kind":"plain"},"min_items":1}},"description_kind":"plain"}},"ranges":{"nesting_mode":"list","block":{"block_types":{"begin":{"nesting_mode":"set","block":{"attributes":{"addr":{"type":"string","description_kind":"plain","required":true},"type":{"type":"string","description_kind":"plain","required":true}},"description_kind":"plain"},"min_items":1},"end":{"nesting_mode":"set","block":{"attributes":{"addr":{"type":"string","description_kind":"plain","required":true},"type":{"type":"string","description_kind":"plain","required":true}},"description_kind":"plain"},"min_items":1}},"description_kind":"plain"}}},"description_kind":"plain"}},"cookie":{"nesting_mode":"set","block":{"attributes":{"match_case":{"type":"string","description_kind":"plain","optional":true},"match_criteria":{"type":"string","description_kind":"plain","required":true},"name":{"type":"string","description_kind":"plain","required":true},"value":{"type":"string","description_kind":"plain","optional":true,"computed":true}},"description_kind":"plain"}},"hdrs":{"nesting_mode":"list","block":{"attributes":{"hdr":{"type":"string","description_kind":"plain","required":true},"match_case":{"type":"string","description_kind":"plain","optional":true},"match_criteria":{"type":"string","description_kind":"plain","required":true},"value":{"type":["list","string"],"description_kind":"plain","optional":true}},"description_kind":"plain"}},"host_hdr":{"nesting_mode":"set","block":{"attributes":{"match_case":{"type":"string","description_kind":"plain","optional":true},"match_criteria":{"type":"string","description_kind":"plain","required":true},"value":{"type":["list","string"],"description_kind":"plain","optional":true}},"description_kind":"plain"}},"loc_hdr":{"nesting_mode":"set","block":{"attributes":{"match_case":{"type":"string","description_kind":"plain","optional":true},"match_criteria":{"type":"string","description_kind":"plain","required":true},"value":{"type":["list","string"],"description_kind":"plain","optional":true}},"description_kind":"plain"}},"method":{"nesting_mode":"set","block":{"attributes":{"match_criteria":{"type":"string","description_kind":"plain","required":true},"methods":{"type":["list","string"],"description_kind":"plain","required":true}},"description_kind":"plain"}},"path":{"nesting_mode":"set","block":{"attributes":{"match_case":{"type":"string","description_kind":"plain","optional":true},"match_criteria":{"type":"string","description_kind":"plain","required":true},"match_str":{"type":["list","string"],"description_kind":"plain","optional":true},"string_group_refs":{"type":["list","string"],"description_kind":"plain","optional":true}},"description_kind":"plain"}},"protocol":{"nesting_mode":"set","block":{"attributes":{"match_criteria":{"type":"string","description_kind":"plain","required":true},"protocols":{"type":"string","description_kind":"plain","required":true}},"description_kind":"plain"}},"query":{"nesting_mode":"set","block":{"attributes":{"match_case":{"type":"string","description_kind":"plain","optional":true},"match_criteria":{"type":"string","description_kind":"plain","required":true},"match_str":{"type":["list","string"],"description_kind":"plain","optional":true},"string_group_refs":{"type":["list","string"],"description_kind":"plain","optional":true}},"description_kind":"plain"}},"rsp_hdrs":{"nesting_mode":"list","block":{"attributes":{"hdr":{"type":"string","description_kind":"plain","required":true},"match_case":{"type":"string","description_kind":"plain","optional":true},"match_criteria":{"type":"string","description_kind":"plain","required":true},"value":{"type":["list","string"],"description_kind":"plain","optional":true}},"description_kind":"plain"}},"status":{"nesting_mode":"set","block":{"attributes":{"match_criteria":{"type":"string","description_kind":"plain","required":true},"status_codes":{"type":["list","number"],"description_kind":"plain","optional":true}},"block_types":{"ranges":{"nesting_mode":"list","block":{"attributes":{"begin":{"type":"string","description_kind":"plain","required":true},"end":{"type":"string","description_kind":"plain","required":true}},"description_kind":"plain"}}},"description_kind":"plain"}},"version":{"nesting_mode":"set","block":{"attributes":{"match_criteria":{"type":"string","description_kind":"plain","required":true},"versions":{"type":["list","string"],"description_kind":"plain","required":true}},"description_kind":"plain"}},"vs_port":{"nesting_mode":"set","block":{"attributes":{"match_criteria":{"type":"string","description_kind":"plain","required":true},"ports":{"type":["list","number"],"description_kind":"plain","required":true}},"description_kind":"plain"}}},"description_kind":"plain"}}},"description_kind":"plain"}}},"description_kind":"plain"}},"http_security_policy":{"nesting_mode":"set","block":{"block_types":{"rules":{"nesting_mode":"list","block":{"attributes":{"enable":{"type":"string","description_kind":"plain","required":true},"index":{"type":"string","description_kind":"plain","required":true},"log":{"type":"string","description_kind":"plain","optional":true,"computed":true},"name":{"type":"string","description_kind":"plain","required":true}},"block_types":{"action":{"nesting_mode":"set","block":{"attributes":{"action":{"type":"string","description_kind":"plain","required":true},"https_port":{"type":"string","description_kind":"plain","optional":true,"computed":true},"status_code":{"type":"string","description_kind":"plain","optional":true,"computed":true}},"block_types":{"file":{"nesting_mode":"set","block":{"attributes":{"content_type":{"type":"string","description_kind":"plain","required":true},"file_content":{"type":"string","description_kind":"plain","required":true},"file_length":{"type":"string","description_kind":"plain","optional":true,"computed":true}},"description_kind":"plain"}},"rate_profile":{"nesting_mode":"set","block":{"attributes":{"per_client_ip":{"type":"string","description_kind":"plain","optional":true,"computed":true},"per_uri_path":{"type":"string","description_kind":"plain","optional":true,"computed":true}},"block_types":{"action":{"nesting_mode":"set","block":{"attributes":{"status_code":{"type":"string","description_kind":"plain","optional":true},"type":{"type":"string","description_kind":"plain","optional":true}},"block_types":{"file":{"nesting_mode":"set","block":{"attributes":{"content_type":{"type":"string","description_kind":"plain","required":true},"file_content":{"type":"string","description_kind":"plain","required":true},"file_length":{"type":"string","description_kind":"plain","optional":true,"computed":true}},"description_kind":"plain"}},"redirect":{"nesting_mode":"set","block":{"attributes":{"add_string":{"type":"string","description_kind":"plain","optional":true,"computed":true},"keep_query":{"type":"string","description_kind":"plain","optional":true},"port":{"type":"string","description_kind":"plain","optional":true,"computed":true},"protocol":{"type":"string","description_kind":"plain","required":true},"status_code":{"type":"string","description_kind":"plain","optional":true}},"block_types":{"host":{"nesting_mode":"set","block":{"attributes":{"type":{"type":"string","description_kind":"plain","required":true}},"block_types":{"tokens":{"nesting_mode":"list","block":{"attributes":{"end_index":{"type":"string","description_kind":"plain","optional":true,"computed":true},"start_index":{"type":"string","description_kind":"plain","optional":true,"computed":true},"str_value":{"type":"string","description_kind":"plain","optional":true,"computed":true},"type":{"type":"string","description_kind":"plain","required":true}},"description_kind":"plain"},"min_items":1}},"description_kind":"plain"}},"path":{"nesting_mode":"set","block":{"attributes":{"type":{"type":"string","description_kind":"plain","required":true}},"block_types":{"tokens":{"nesting_mode":"list","block":{"attributes":{"end_index":{"type":"string","description_kind":"plain","optional":true,"computed":true},"start_index":{"type":"string","description_kind":"plain","optional":true,"computed":true},"str_value":{"type":"string","description_kind":"plain","optional":true,"computed":true},"type":{"type":"string","description_kind":"plain","required":true}},"description_kind":"plain"},"min_items":1}},"description_kind":"plain"}}},"description_kind":"plain"}}},"description_kind":"plain"},"min_items":1},"rate_limiter":{"nesting_mode":"set","block":{"attributes":{"burst_sz":{"type":"string","description_kind":"plain","optional":true},"count":{"type":"string","description_kind":"plain","optional":true},"name":{"type":"string","description_kind":"plain","optional":true,"computed":true},"period":{"type":"string","description_kind":"plain","optional":true}},"description_kind":"plain"},"min_items":1}},"description_kind":"plain"}}},"description_kind":"plain"}},"match":{"nesting_mode":"set","block":{"block_types":{"bot_detection_result":{"nesting_mode":"set","block":{"attributes":{"match_operation":{"type":"string","description_kind":"plain","required":true}},"block_types":{"classifications":{"nesting_mode":"list","block":{"attributes":{"type":{"type":"string","description_kind":"plain","required":true},"user_defined_type":{"type":"string","description_kind":"plain","optional":true,"computed":true}},"description_kind":"plain"}}},"description_kind":"plain"}},"client_ip":{"nesting_mode":"set","block":{"attributes":{"group_refs":{"type":["list","string"],"description_kind":"plain","optional":true},"match_criteria":{"type":"string","description_kind":"plain","required":true}},"block_types":{"addrs":{"nesting_mode":"list","block":{"attributes":{"addr":{"type":"string","description_kind":"plain","required":true},"type":{"type":"string","description_kind":"plain","required":true}},"description_kind":"plain"}},"prefixes":{"nesting_mode":"list","block":{"attributes":{"mask":{"type":"string","description_kind":"plain","required":true}},"block_types":{"ip_addr":{"nesting_mode":"set","block":{"attributes":{"addr":{"type":"string","description_kind":"plain","required":true},"type":{"type":"string","description_kind":"plain","required":true}},"description_kind":"plain"},"min_items":1}},"description_kind":"plain"}},"ranges":{"nesting_mode":"list","block":{"block_types":{"begin":{"nesting_mode":"set","block":{"attributes":{"addr":{"type":"string","description_kind":"plain","required":true},"type":{"type":"string","description_kind":"plain","required":true}},"description_kind":"plain"},"min_items":1},"end":{"nesting_mode":"set","block":{"attributes":{"addr":{"type":"string","description_kind":"plain","required":true},"type":{"type":"string","description_kind":"plain","required":true}},"description_kind":"plain"},"min_items":1}},"description_kind":"plain"}}},"description_kind":"plain"}},"cookie":{"nesting_mode":"set","block":{"attributes":{"match_case":{"type":"string","description_kind":"plain","optional":true},"match_criteria":{"type":"string","description_kind":"plain","required":true},"name":{"type":"string","description_kind":"plain","required":true},"value":{"type":"string","description_kind":"plain","optional":true,"computed":true}},"description_kind":"plain"}},"geo_matches":{"nesting_mode":"list","block":{"attributes":{"attribute":{"type":"string","description_kind":"plain","required":true},"match_operation":{"type":"string","description_kind":"plain","required":true},"values":{"type":["list","string"],"description_kind":"plain","required":true}},"description_kind":"plain"}},"hdrs":{"nesting_mode":"list","block":{"attributes":{"hdr":{"type":"string","description_kind":"plain","required":true},"match_case":{"type":"string","description_kind":"plain","optional":true},"match_criteria":{"type":"string","description_kind":"plain","required":true},"value":{"type":["list","string"],"description_kind":"plain","optional":true}},"description_kind":"plain"}},"host_hdr":{"nesting_mode":"set","block":{"attributes":{"match_case":{"type":"string","description_kind":"plain","optional":true},"match_criteria":{"type":"string","description_kind":"plain","required":true},"value":{"type":["list","string"],"description_kind":"plain","optional":true}},"description_kind":"plain"}},"ip_reputation_type":{"nesting_mode":"set","block":{"attributes":{"match_operation":{"type":"string","description_kind":"plain","required":true},"reputation_types":{"type":["list","string"],"description_kind":"plain","required":true}},"description_kind":"plain"}},"method":{"nesting_mode":"set","block":{"attributes":{"match_criteria":{"type":"string","description_kind":"plain","required":true},"methods":{"type":["list","string"],"description_kind":"plain","required":true}},"description_kind":"plain"}},"path":{"nesting_mode":"set","block":{"attributes":{"match_case":{"type":"string","description_kind":"plain","optional":true},"match_criteria":{"type":"string","description_kind":"plain","required":true},"match_str":{"type":["list","string"],"description_kind":"plain","optional":true},"string_group_refs":{"type":["list","string"],"description_kind":"plain","optional":true}},"description_kind":"plain"}},"protocol":{"nesting_mode":"set","block":{"attributes":{"match_criteria":{"type":"string","description_kind":"plain","required":true},"protocols":{"type":"string","description_kind":"plain","required":true}},"description_kind":"plain"}},"query":{"nesting_mode":"set","block":{"attributes":{"match_case":{"type":"string","description_kind":"plain","optional":true},"match_criteria":{"type":"string","description_kind":"plain","required":true},"match_str":{"type":["list","string"],"description_kind":"plain","optional":true},"string_group_refs":{"type":["list","string"],"description_kind":"plain","optional":true}},"description_kind":"plain"}},"version":{"nesting_mode":"set","block":{"attributes":{"match_criteria":{"type":"string","description_kind":"plain","required":true},"versions":{"type":["list","string"],"description_kind":"plain","required":true}},"description_kind":"plain"}},"vs_port":{"nesting_mode":"set","block":{"attributes":{"match_criteria":{"type":"string","description_kind":"plain","required":true},"ports":{"type":["list","number"],"description_kind":"plain","required":true}},"description_kind":"plain"}}},"description_kind":"plain"}}},"description_kind":"plain"}}},"description_kind":"plain"}},"markers":{"nesting_mode":"list","block":{"attributes":{"key":{"type":"string","description_kind":"plain","required":true},"values":{"type":["list","string"],"description_kind":"plain","optional":true}},"description_kind":"plain"}}},"description_kind":"plain"}},"avi_icapprofile":{"version":0,"block":{"attributes":{"allow_204":{"type":"string","description_kind":"plain","optional":true},"buffer_size":{"type":"string","description_kind":"plain","optional":true},"buffer_size_exceed_action":{"type":"string","description_kind":"plain","optional":true},"cloud_ref":{"type":"string","description_kind":"plain","optional":true,"computed":true},"description":{"type":"string","description_kind":"plain","optional":true,"computed":true},"enable_preview":{"type":"string","description_kind":"plain","optional":true},"fail_action":{"type":"string","description_kind":"plain","optional":true},"id":{"type":"string","description_kind":"plain","optional":true,"computed":true},"name":{"type":"string","description_kind":"plain","required":true},"pool_group_ref":{"type":"string","description_kind":"plain","required":true},"preview_size":{"type":"string","description_kind":"plain","optional":true},"response_timeout":{"type":"string","description_kind":"plain","optional":true},"service_uri":{"type":"string","description_kind":"plain","required":true},"slow_response_warning_threshold":{"type":"string","description_kind":"plain","optional":true},"tenant_ref":{"type":"string","description_kind":"plain","optional":true,"computed":true},"uuid":{"type":"string","description_kind":"plain","optional":true,"computed":true},"vendor":{"type":"string","description_kind":"plain","optional":true}},"block_types":{"configpb_attributes":{"nesting_mode":"set","block":{"attributes":{"version":{"type":"string","description_kind":"plain","optional":true,"computed":true}},"description_kind":"plain"}},"nsx_defender_config":{"nesting_mode":"set","block":{"attributes":{"status_url":{"type":"string","description_kind":"plain","optional":true}},"description_kind":"plain"}}},"description_kind":"plain"}},"avi_image":{"version":0,"block":{"attributes":{"controller_patch_name":{"type":"string","description_kind":"plain","optional":true,"computed":true},"controller_patch_uuid":{"type":"string","description_kind":"plain","optional":true,"computed":true},"id":{"type":"string","description_kind":"plain","optional":true,"computed":true},"name":{"type":"string","description_kind":"plain","required":true},"se_patch_name":{"type":"string","description_kind":"plain","optional":true,"computed":true},"se_patch_uuid":{"type":"string","description_kind":"plain","optional":true,"computed":true},"status":{"type":"string","description_kind":"plain","optional":true,"computed":true},"tenant_ref":{"type":"string","description_kind":"plain","optional":true,"computed":true},"type":{"type":"string","description_kind":"plain","optional":true,"computed":true},"uber_bundle":{"type":"string","description_kind":"plain","optional":true},"uuid":{"type":"string","description_kind":"plain","optional":true,"computed":true}},"block_types":{"cloud_info_values":{"nesting_mode":"list","block":{"attributes":{"cloud_name":{"type":"string","description_kind":"plain","optional":true,"computed":true}},"block_types":{"cloud_data_values":{"nesting_mode":"list","block":{"attributes":{"key":{"type":"string","description_kind":"plain","optional":true,"computed":true},"values":{"type":["list","string"],"description_kind":"plain","optional":true}},"description_kind":"plain"}}},"description_kind":"plain"}},"controller_info":{"nesting_mode":"set","block":{"attributes":{"hash":{"type":"string","description_kind":"plain","optional":true,"computed":true},"path":{"type":"string","description_kind":"plain","optional":true,"computed":true}},"block_types":{"build":{"nesting_mode":"set","block":{"attributes":{"build_no":{"type":"string","description_kind":"plain","optional":true,"computed":true},"date":{"type":"string","description_kind":"plain","optional":true,"computed":true},"min_version":{"type":"string","description_kind":"plain","optional":true,"computed":true},"patch_version":{"type":"string","description_kind":"plain","optional":true,"computed":true},"product":{"type":"string","description_kind":"plain","optional":true,"computed":true},"product_name":{"type":"string","description_kind":"plain","optional":true,"computed":true},"tag":{"type":"string","description_kind":"plain","optional":true,"computed":true},"version":{"type":"string","description_kind":"plain","optional":true,"computed":true}},"description_kind":"plain"}},"patch":{"nesting_mode":"set","block":{"attributes":{"patch_type":{"type":"string","description_kind":"plain","optional":true,"computed":true},"reboot":{"type":"string","description_kind":"plain","optional":true,"computed":true}},"block_types":{"reboot_list":{"nesting_mode":"list","block":{"attributes":{"patch_version":{"type":"string","description_kind":"plain","optional":true,"computed":true},"reboot":{"type":"string","description_kind":"plain","optional":true,"computed":true}},"description_kind":"plain"}}},"description_kind":"plain"}}},"description_kind":"plain"}},"migrations":{"nesting_mode":"set","block":{"attributes":{"api_version":{"type":"string","description_kind":"plain","optional":true,"computed":true},"controller_host_min_free_disk_size":{"type":"string","description_kind":"plain","optional":true},"controller_min_cores":{"type":"string","description_kind":"plain","optional":true},"controller_min_docker_version":{"type":"string","description_kind":"plain","optional":true},"controller_min_free_disk_size":{"type":"string","description_kind":"plain","optional":true},"controller_min_memory":{"type":"string","description_kind":"plain","optional":true},"controller_min_total_disk":{"type":"string","description_kind":"plain","optional":true},"max_active_versions":{"type":"string","description_kind":"plain","optional":true},"min_supported_api_version":{"type":"string","description_kind":"plain","optional":true,"computed":true},"rollback_controller_disk_space":{"type":"string","description_kind":"plain","optional":true},"rollback_se_disk_space":{"type":"string","description_kind":"plain","optional":true},"se_host_min_free_disk_size":{"type":"string","description_kind":"plain","optional":true},"se_min_cores":{"type":"string","description_kind":"plain","optional":true},"se_min_free_disk_size":{"type":"string","description_kind":"plain","optional":true},"se_min_memory":{"type":"string","description_kind":"plain","optional":true},"se_min_total_disk":{"type":"string","description_kind":"plain","optional":true},"versions":{"type":["list","string"],"description_kind":"plain","optional":true}},"description_kind":"plain"}},"se_info":{"nesting_mode":"set","block":{"attributes":{"hash":{"type":"string","description_kind":"plain","optional":true,"computed":true},"path":{"type":"string","description_kind":"plain","optional":true,"computed":true}},"block_types":{"build":{"nesting_mode":"set","block":{"attributes":{"build_no":{"type":"string","description_kind":"plain","optional":true,"computed":true},"date":{"type":"string","description_kind":"plain","optional":true,"computed":true},"min_version":{"type":"string","description_kind":"plain","optional":true,"computed":true},"patch_version":{"type":"string","description_kind":"plain","optional":true,"computed":true},"product":{"type":"string","description_kind":"plain","optional":true,"computed":true},"product_name":{"type":"string","description_kind":"plain","optional":true,"computed":true},"tag":{"type":"string","description_kind":"plain","optional":true,"computed":true},"version":{"type":"string","description_kind":"plain","optional":true,"computed":true}},"description_kind":"plain"}},"patch":{"nesting_mode":"set","block":{"attributes":{"patch_type":{"type":"string","description_kind":"plain","optional":true,"computed":true},"reboot":{"type":"string","description_kind":"plain","optional":true,"computed":true}},"block_types":{"reboot_list":{"nesting_mode":"list","block":{"attributes":{"patch_version":{"type":"string","description_kind":"plain","optional":true,"computed":true},"reboot":{"type":"string","description_kind":"plain","optional":true,"computed":true}},"description_kind":"plain"}}},"description_kind":"plain"}}},"description_kind":"plain"}}},"description_kind":"plain"}},"avi_inventoryfaultconfig":{"version":0,"block":{"attributes":{"id":{"type":"string","description_kind":"plain","optional":true,"computed":true},"name":{"type":"string","description_kind":"plain","optional":true,"computed":true},"tenant_ref":{"type":"string","description_kind":"plain","optional":true,"computed":true},"uuid":{"type":"string","description_kind":"plain","optional":true,"computed":true}},"block_types":{"configpb_attributes":{"nesting_mode":"set","block":{"attributes":{"version":{"type":"string","description_kind":"plain","optional":true,"computed":true}},"description_kind":"plain"}},"controller_faults":{"nesting_mode":"set","block":{"attributes":{"backup_scheduler_faults":{"type":"string","description_kind":"plain","optional":true},"cluster_faults":{"type":"string","description_kind":"plain","optional":true},"deprecated_api_version_faults":{"type":"string","description_kind":"plain","optional":true},"license_faults":{"type":"string","description_kind":"plain","optional":true},"migration_faults":{"type":"string","description_kind":"plain","optional":true},"sslprofile_faults":{"type":"string","description_kind":"plain","optional":true}},"description_kind":"plain"}},"serviceengine_faults":{"nesting_mode":"set","block":{"attributes":{"debug_faults":{"type":"string","description_kind":"plain","optional":true}},"description_kind":"plain"}},"virtualservice_faults":{"nesting_mode":"set","block":{"attributes":{"debug_faults":{"type":"string","description_kind":"plain","optional":true},"pool_server_faults":{"type":"string","description_kind":"plain","optional":true},"scaleout_faults":{"type":"string","description_kind":"plain","optional":true},"shared_vip_faults":{"type":"string","description_kind":"plain","optional":true},"ssl_cert_expiry_faults":{"type":"string","description_kind":"plain","optional":true},"ssl_cert_status_faults":{"type":"string","description_kind":"plain","optional":true}},"description_kind":"plain"}}},"description_kind":"plain"}},"avi_ipaddrgroup":{"version":0,"block":{"attributes":{"country_codes":{"type":["list","string"],"description_kind":"plain","optional":true},"description":{"type":"string","description_kind":"plain","optional":true,"computed":true},"id":{"type":"string","description_kind":"plain","optional":true,"computed":true},"marathon_app_name":{"type":"string","description_kind":"plain","optional":true,"computed":true},"marathon_service_port":{"type":"string","description_kind":"plain","optional":true,"computed":true},"name":{"type":"string","description_kind":"plain","required":true},"tenant_ref":{"type":"string","description_kind":"plain","optional":true,"computed":true},"uuid":{"type":"string","description_kind":"plain","optional":true,"computed":true}},"block_types":{"addrs":{"nesting_mode":"list","block":{"attributes":{"addr":{"type":"string","description_kind":"plain","required":true},"type":{"type":"string","description_kind":"plain","required":true}},"description_kind":"plain"}},"configpb_attributes":{"nesting_mode":"set","block":{"attributes":{"version":{"type":"string","description_kind":"plain","optional":true,"computed":true}},"description_kind":"plain"}},"ip_ports":{"nesting_mode":"list","block":{"attributes":{"hostname":{"type":"string","description_kind":"plain","optional":true,"computed":true},"name":{"type":"string","description_kind":"plain","optional":true,"computed":true},"port":{"type":"string","description_kind":"plain","required":true}},"block_types":{"ip":{"nesting_mode":"set","block":{"attributes":{"addr":{"type":"string","description_kind":"plain","required":true},"type":{"type":"string","description_kind":"plain","required":true}},"description_kind":"plain"}}},"description_kind":"plain"}},"markers":{"nesting_mode":"list","block":{"attributes":{"key":{"type":"string","description_kind":"plain","required":true},"values":{"type":["list","string"],"description_kind":"plain","optional":true}},"description_kind":"plain"}},"prefixes":{"nesting_mode":"list","block":{"attributes":{"mask":{"type":"string","description_kind":"plain","required":true}},"block_types":{"ip_addr":{"nesting_mode":"set","block":{"attributes":{"addr":{"type":"string","description_kind":"plain","required":true},"type":{"type":"string","description_kind":"plain","required":true}},"description_kind":"plain"},"min_items":1}},"description_kind":"plain"}},"ranges":{"nesting_mode":"list","block":{"block_types":{"begin":{"nesting_mode":"set","block":{"attributes":{"addr":{"type":"string","description_kind":"plain","required":true},"type":{"type":"string","description_kind":"plain","required":true}},"description_kind":"plain"},"min_items":1},"end":{"nesting_mode":"set","block":{"attributes":{"addr":{"type":"string","description_kind":"plain","required":true},"type":{"type":"string","description_kind":"plain","required":true}},"description_kind":"plain"},"min_items":1}},"description_kind":"plain"}}},"description_kind":"plain"}},"avi_ipamdnsproviderprofile":{"version":0,"block":{"attributes":{"allocate_ip_in_vrf":{"type":"string","description_kind":"plain","optional":true},"id":{"type":"string","description_kind":"plain","optional":true,"computed":true},"name":{"type":"string","description_kind":"plain","required":true},"tenant_ref":{"type":"string","description_kind":"plain","optional":true,"computed":true},"type":{"type":"string","description_kind":"plain","required":true},"uuid":{"type":"string","description_kind":"plain","optional":true,"computed":true}},"block_types":{"aws_profile":{"nesting_mode":"set","block":{"attributes":{"access_key_id":{"type":"string","description_kind":"plain","optional":true,"computed":true,"sensitive":true},"egress_service_subnets":{"type":["list","string"],"description_kind":"plain","optional":true},"iam_assume_role":{"type":"string","description_kind":"plain","optional":true,"computed":true},"publish_vip_to_public_zone":{"type":"string","description_kind":"plain","optional":true},"region":{"type":"string","description_kind":"plain","optional":true,"computed":true},"secret_access_key":{"type":"string","description_kind":"plain","optional":true,"computed":true,"sensitive":true},"ttl":{"type":"string","description_kind":"plain","optional":true},"usable_domains":{"type":["list","string"],"description_kind":"plain","optional":true},"usable_network_uuids":{"type":["list","string"],"description_kind":"plain","optional":true},"use_iam_roles":{"type":"string","description_kind":"plain","optional":true},"vpc":{"type":"string","description_kind":"plain","optional":true,"computed":true},"vpc_id":{"type":"string","description_kind":"plain","required":true}},"block_types":{"zones":{"nesting_mode":"list","block":{"attributes":{"availability_zone":{"type":"string","description_kind":"plain","required":true},"usable_network_uuids":{"type":["list","string"],"description_kind":"plain","optional":true}},"description_kind":"plain"}}},"description_kind":"plain"}},"azure_profile":{"nesting_mode":"set","block":{"attributes":{"egress_service_subnets":{"type":["list","string"],"description_kind":"plain","optional":true},"resource_group":{"type":"string","description_kind":"plain","optional":true,"computed":true},"subscription_id":{"type":"string","description_kind":"plain","optional":true,"computed":true},"usable_domains":{"type":["list","string"],"description_kind":"plain","optional":true},"usable_network_uuids":{"type":["list","string"],"description_kind":"plain","optional":true},"use_enhanced_ha":{"type":"string","description_kind":"plain","optional":true},"use_standard_alb":{"type":"string","description_kind":"plain","optional":true},"virtual_network_ids":{"type":["list","string"],"description_kind":"plain","optional":true}},"block_types":{"azure_serviceprincipal":{"nesting_mode":"set","block":{"attributes":{"application_id":{"type":"string","description_kind":"plain","optional":true,"computed":true},"authentication_token":{"type":"string","description_kind":"plain","optional":true,"computed":true,"sensitive":true},"tenant_id":{"type":"string","description_kind":"plain","optional":true,"computed":true}},"description_kind":"plain"}},"azure_userpass":{"nesting_mode":"set","block":{"attributes":{"password":{"type":"string","description_kind":"plain","optional":true,"computed":true,"sensitive":true},"tenant_name":{"type":"string","description_kind":"plain","optional":true,"computed":true},"username":{"type":"string","description_kind":"plain","optional":true,"computed":true}},"description_kind":"plain"}}},"description_kind":"plain"}},"configpb_attributes":{"nesting_mode":"set","block":{"attributes":{"version":{"type":"string","description_kind":"plain","optional":true,"computed":true}},"description_kind":"plain"}},"custom_profile":{"nesting_mode":"set","block":{"attributes":{"custom_ipam_dns_profile_ref":{"type":"string","description_kind":"plain","optional":true,"computed":true},"usable_domains":{"type":["list","string"],"description_kind":"plain","optional":true}},"block_types":{"dynamic_params":{"nesting_mode":"list","block":{"attributes":{"is_dynamic":{"type":"string","description_kind":"plain","optional":true},"is_sensitive":{"type":"string","description_kind":"plain","optional":true},"name":{"type":"string","description_kind":"plain","required":true},"value":{"type":"string","description_kind":"plain","optional":true,"computed":true}},"description_kind":"plain"}},"usable_alloc_subnets":{"nesting_mode":"list","block":{"attributes":{"network_id":{"type":"string","description_kind":"plain","required":true}},"block_types":{"subnet":{"nesting_mode":"set","block":{"attributes":{"mask":{"type":"string","description_kind":"plain","required":true}},"block_types":{"ip_addr":{"nesting_mode":"set","block":{"attributes":{"addr":{"type":"string","description_kind":"plain","required":true},"type":{"type":"string","description_kind":"plain","required":true}},"description_kind":"plain"},"min_items":1}},"description_kind":"plain"}},"subnet6":{"nesting_mode":"set","block":{"attributes":{"mask":{"type":"string","description_kind":"plain","required":true}},"block_types":{"ip_addr":{"nesting_mode":"set","block":{"attributes":{"addr":{"type":"string","description_kind":"plain","required":true},"type":{"type":"string","description_kind":"plain","required":true}},"description_kind":"plain"},"min_items":1}},"description_kind":"plain"}}},"description_kind":"plain"}}},"description_kind":"plain"}},"gcp_profile":{"nesting_mode":"set","block":{"attributes":{"match_se_group_subnet":{"type":"string","description_kind":"plain","optional":true},"network_host_project_id":{"type":"string","description_kind":"plain","optional":true,"computed":true},"region_name":{"type":"string","description_kind":"plain","optional":true,"computed":true},"se_project_id":{"type":"string","description_kind":"plain","optional":true,"computed":true},"usable_network_refs":{"type":["list","string"],"description_kind":"plain","optional":true},"use_gcp_network":{"type":"string","description_kind":"plain","optional":true},"vpc_network_name":{"type":"string","description_kind":"plain","optional":true,"computed":true}},"description_kind":"plain"}},"infoblox_profile":{"nesting_mode":"set","block":{"attributes":{"dns_view":{"type":"string","description_kind":"plain","optional":true},"network_view":{"type":"string","description_kind":"plain","optional":true},"password":{"type":"string","description_kind":"plain","required":true,"sensitive":true},"usable_domains":{"type":["list","string"],"description_kind":"plain","optional":true},"username":{"type":"string","description_kind":"plain","required":true},"wapi_version":{"type":"string","description_kind":"plain","optional":true}},"block_types":{"extensible_attributes":{"nesting_mode":"list","block":{"attributes":{"is_dynamic":{"type":"string","description_kind":"plain","optional":true},"is_sensitive":{"type":"string","description_kind":"plain","optional":true},"name":{"type":"string","description_kind":"plain","required":true},"value":{"type":"string","description_kind":"plain","optional":true,"computed":true}},"description_kind":"plain"}},"ip_address":{"nesting_mode":"set","block":{"attributes":{"addr":{"type":"string","description_kind":"plain","required":true},"type":{"type":"string","description_kind":"plain","required":true}},"description_kind":"plain"},"min_items":1},"usable_alloc_subnets":{"nesting_mode":"list","block":{"block_types":{"subnet":{"nesting_mode":"set","block":{"attributes":{"mask":{"type":"string","description_kind":"plain","required":true}},"block_types":{"ip_addr":{"nesting_mode":"set","block":{"attributes":{"addr":{"type":"string","description_kind":"plain","required":true},"type":{"type":"string","description_kind":"plain","required":true}},"description_kind":"plain"},"min_items":1}},"description_kind":"plain"}},"subnet6":{"nesting_mode":"set","block":{"attributes":{"mask":{"type":"string","description_kind":"plain","required":true}},"block_types":{"ip_addr":{"nesting_mode":"set","block":{"attributes":{"addr":{"type":"string","description_kind":"plain","required":true},"type":{"type":"string","description_kind":"plain","required":true}},"description_kind":"plain"},"min_items":1}},"description_kind":"plain"}}},"description_kind":"plain"}}},"description_kind":"plain"}},"internal_profile":{"nesting_mode":"set","block":{"attributes":{"dns_virtualservice_ref":{"type":"string","description_kind":"plain","optional":true,"computed":true},"ttl":{"type":"string","description_kind":"plain","optional":true}},"block_types":{"dns_service_domain":{"nesting_mode":"list","block":{"attributes":{"domain_name":{"type":"string","description_kind":"plain","required":true},"pass_through":{"type":"string","description_kind":"plain","optional":true},"record_ttl":{"type":"string","description_kind":"plain","optional":true,"computed":true}},"description_kind":"plain"}},"usable_networks":{"nesting_mode":"list","block":{"attributes":{"nw_ref":{"type":"string","description_kind":"plain","required":true}},"block_types":{"labels":{"nesting_mode":"list","block":{"attributes":{"key":{"type":"string","description_kind":"plain","required":true},"value":{"type":"string","description_kind":"plain","optional":true,"computed":true}},"description_kind":"plain"}}},"description_kind":"plain"}}},"description_kind":"plain"}},"markers":{"nesting_mode":"list","block":{"attributes":{"key":{"type":"string","description_kind":"plain","required":true},"values":{"type":["list","string"],"description_kind":"plain","optional":true}},"description_kind":"plain"}},"oci_profile":{"nesting_mode":"set","block":{"attributes":{"cloud_credentials_ref":{"type":"string","description_kind":"plain","optional":true,"computed":true},"region":{"type":"string","description_kind":"plain","optional":true,"computed":true},"tenancy":{"type":"string","description_kind":"plain","optional":true,"computed":true},"vcn_compartment_id":{"type":"string","description_kind":"plain","optional":true,"computed":true},"vcn_id":{"type":"string","description_kind":"plain","optional":true,"computed":true}},"description_kind":"plain"}},"openstack_profile":{"nesting_mode":"set","block":{"attributes":{"keystone_host":{"type":"string","description_kind":"plain","optional":true,"computed":true},"password":{"type":"string","description_kind":"plain","optional":true,"computed":true,"sensitive":true},"region":{"type":"string","description_kind":"plain","optional":true,"computed":true},"tenant":{"type":"string","description_kind":"plain","optional":true,"computed":true},"username":{"type":"string","description_kind":"plain","optional":true,"computed":true},"vip_network_name":{"type":"string","description_kind":"plain","optional":true,"computed":true}},"description_kind":"plain"}},"proxy_configuration":{"nesting_mode":"set","block":{"attributes":{"host":{"type":"string","description_kind":"plain","required":true},"password":{"type":"string","description_kind":"plain","optional":true,"computed":true,"sensitive":true},"port":{"type":"string","description_kind":"plain","required":true},"username":{"type":"string","description_kind":"plain","optional":true,"computed":true}},"description_kind":"plain"}},"tencent_profile":{"nesting_mode":"set","block":{"attributes":{"cloud_credentials_ref":{"type":"string","description_kind":"plain","optional":true,"computed":true},"region":{"type":"string","description_kind":"plain","required":true},"usable_subnet_ids":{"type":["list","string"],"description_kind":"plain","optional":true},"vpc_id":{"type":"string","description_kind":"plain","required":true}},"block_types":{"zones":{"nesting_mode":"list","block":{"attributes":{"availability_zone":{"type":"string","description_kind":"plain","required":true},"usable_subnet_id":{"type":"string","description_kind":"plain","required":true}},"description_kind":"plain"}}},"description_kind":"plain"}}},"description_kind":"plain"}},"avi_ipreputationdb":{"version":0,"block":{"attributes":{"base_file_refs":{"type":["list","string"],"description_kind":"plain","optional":true},"description":{"type":"string","description_kind":"plain","optional":true,"computed":true},"id":{"type":"string","description_kind":"plain","optional":true,"computed":true},"incremental_file_refs":{"type":["list","string"],"description_kind":"plain","optional":true},"name":{"type":"string","description_kind":"plain","required":true},"tenant_ref":{"type":"string","description_kind":"plain","optional":true,"computed":true},"uuid":{"type":"string","description_kind":"plain","optional":true,"computed":true},"vendor":{"type":"string","description_kind":"plain","required":true},"version":{"type":"string","description_kind":"plain","optional":true,"computed":true}},"block_types":{"configpb_attributes":{"nesting_mode":"set","block":{"attributes":{"version":{"type":"string","description_kind":"plain","optional":true,"computed":true}},"description_kind":"plain"}},"markers":{"nesting_mode":"list","block":{"attributes":{"key":{"type":"string","description_kind":"plain","required":true},"values":{"type":["list","string"],"description_kind":"plain","optional":true}},"description_kind":"plain"}},"service_status":{"nesting_mode":"set","block":{"attributes":{"error":{"type":"string","description_kind":"plain","optional":true,"computed":true}},"block_types":{"last_successful_update_check":{"nesting_mode":"set","block":{"attributes":{"secs":{"type":"string","description_kind":"plain","required":true},"usecs":{"type":"string","description_kind":"plain","required":true}},"description_kind":"plain"}}},"description_kind":"plain"}}},"description_kind":"plain"}},"avi_jwtserverprofile":{"version":0,"block":{"attributes":{"id":{"type":"string","description_kind":"plain","optional":true,"computed":true},"is_federated":{"type":"string","description_kind":"plain","optional":true},"issuer":{"type":"string","description_kind":"plain","optional":true,"computed":true},"jwks_keys":{"type":"string","description_kind":"plain","optional":true,"computed":true},"jwt_profile_type":{"type":"string","description_kind":"plain","optional":true},"name":{"type":"string","description_kind":"plain","required":true},"tenant_ref":{"type":"string","description_kind":"plain","optional":true,"computed":true},"uuid":{"type":"string","description_kind":"plain","optional":true,"computed":true}},"block_types":{"configpb_attributes":{"nesting_mode":"set","block":{"attributes":{"version":{"type":"string","description_kind":"plain","optional":true,"computed":true}},"description_kind":"plain"}},"controller_internal_auth":{"nesting_mode":"set","block":{"block_types":{"symmetric_jwks_keys":{"nesting_mode":"list","block":{"attributes":{"alg":{"type":"string","description_kind":"plain","optional":true},"key":{"type":"string","description_kind":"plain","required":true,"sensitive":true},"kid":{"type":"string","description_kind":"plain","required":true},"kty":{"type":"string","description_kind":"plain","optional":true}},"description_kind":"plain"},"min_items":1}},"description_kind":"plain"}}},"description_kind":"plain"}},"avi_l4policyset":{"version":0,"block":{"attributes":{"created_by":{"type":"string","description_kind":"plain","optional":true,"computed":true},"description":{"type":"string","description_kind":"plain","optional":true,"computed":true},"id":{"type":"string","description_kind":"plain","optional":true,"computed":true},"is_internal_policy":{"type":"string","description_kind":"plain","optional":true},"name":{"type":"string","description_kind":"plain","required":true},"tenant_ref":{"type":"string","description_kind":"plain","optional":true,"computed":true},"uuid":{"type":"string","description_kind":"plain","optional":true,"computed":true}},"block_types":{"configpb_attributes":{"nesting_mode":"set","block":{"attributes":{"version":{"type":"string","description_kind":"plain","optional":true,"computed":true}},"description_kind":"plain"}},"l4_connection_policy":{"nesting_mode":"set","block":{"block_types":{"rules":{"nesting_mode":"list","block":{"attributes":{"enable":{"type":"string","description_kind":"plain","optional":true},"index":{"type":"string","description_kind":"plain","required":true},"name":{"type":"string","description_kind":"plain","required":true}},"block_types":{"action":{"nesting_mode":"set","block":{"block_types":{"select_pool":{"nesting_mode":"set","block":{"attributes":{"action_type":{"type":"string","description_kind":"plain","required":true},"pool_group_ref":{"type":"string","description_kind":"plain","optional":true,"computed":true},"pool_ref":{"type":"string","description_kind":"plain","optional":true,"computed":true}},"description_kind":"plain"}}},"description_kind":"plain"}},"match":{"nesting_mode":"set","block":{"block_types":{"client_ip":{"nesting_mode":"set","block":{"attributes":{"group_refs":{"type":["list","string"],"description_kind":"plain","optional":true},"match_criteria":{"type":"string","description_kind":"plain","required":true}},"block_types":{"addrs":{"nesting_mode":"list","block":{"attributes":{"addr":{"type":"string","description_kind":"plain","required":true},"type":{"type":"string","description_kind":"plain","required":true}},"description_kind":"plain"}},"prefixes":{"nesting_mode":"list","block":{"attributes":{"mask":{"type":"string","description_kind":"plain","required":true}},"block_types":{"ip_addr":{"nesting_mode":"set","block":{"attributes":{"addr":{"type":"string","description_kind":"plain","required":true},"type":{"type":"string","description_kind":"plain","required":true}},"description_kind":"plain"},"min_items":1}},"description_kind":"plain"}},"ranges":{"nesting_mode":"list","block":{"block_types":{"begin":{"nesting_mode":"set","block":{"attributes":{"addr":{"type":"string","description_kind":"plain","required":true},"type":{"type":"string","description_kind":"plain","required":true}},"description_kind":"plain"},"min_items":1},"end":{"nesting_mode":"set","block":{"attributes":{"addr":{"type":"string","description_kind":"plain","required":true},"type":{"type":"string","description_kind":"plain","required":true}},"description_kind":"plain"},"min_items":1}},"description_kind":"plain"}}},"description_kind":"plain"}},"port":{"nesting_mode":"set","block":{"attributes":{"match_criteria":{"type":"string","description_kind":"plain","required":true},"ports":{"type":["list","number"],"description_kind":"plain","optional":true}},"block_types":{"port_ranges":{"nesting_mode":"list","block":{"attributes":{"end":{"type":"string","description_kind":"plain","required":true},"start":{"type":"string","description_kind":"plain","required":true}},"description_kind":"plain"}}},"description_kind":"plain"}},"protocol":{"nesting_mode":"set","block":{"attributes":{"match_criteria":{"type":"string","description_kind":"plain","required":true},"protocol":{"type":"string","description_kind":"plain","required":true}},"description_kind":"plain"}}},"description_kind":"plain"}}},"description_kind":"plain"}}},"description_kind":"plain"}},"markers":{"nesting_mode":"list","block":{"attributes":{"key":{"type":"string","description_kind":"plain","required":true},"values":{"type":["list","string"],"description_kind":"plain","optional":true}},"description_kind":"plain"}}},"description_kind":"plain"}},"avi_labelgroup":{"version":0,"block":{"attributes":{"id":{"type":"string","description_kind":"plain","optional":true,"computed":true},"name":{"type":"string","description_kind":"plain","required":true},"uuid":{"type":"string","description_kind":"plain","optional":true,"computed":true}},"block_types":{"configpb_attributes":{"nesting_mode":"set","block":{"attributes":{"version":{"type":"string","description_kind":"plain","optional":true,"computed":true}},"description_kind":"plain"}},"labels":{"nesting_mode":"list","block":{"attributes":{"match_operation":{"type":"string","description_kind":"plain","optional":true}},"block_types":{"match_label":{"nesting_mode":"set","block":{"attributes":{"key":{"type":"string","description_kind":"plain","required":true},"values":{"type":["list","string"],"description_kind":"plain","optional":true}},"description_kind":"plain"},"min_items":1}},"description_kind":"plain"}}},"description_kind":"plain"}},"avi_licenseledgerdetails":{"version":0,"block":{"attributes":{"id":{"type":"string","description_kind":"plain","optional":true,"computed":true},"uuid":{"type":"string","description_kind":"plain","optional":true,"computed":true}},"block_types":{"escrow_infos":{"nesting_mode":"list","block":{"attributes":{"last_updated":{"type":"string","description_kind":"plain","required":true},"service_cores":{"type":"string","description_kind":"plain","required":true},"tenant_uuid":{"type":"string","description_kind":"plain","optional":true,"computed":true},"tier":{"type":"string","description_kind":"plain","required":true},"uuid":{"type":"string","description_kind":"plain","optional":true,"computed":true}},"description_kind":"plain"}},"se_infos":{"nesting_mode":"list","block":{"attributes":{"last_updated":{"type":"string","description_kind":"plain","required":true},"service_cores":{"type":"string","description_kind":"plain","required":true},"tenant_uuid":{"type":"string","description_kind":"plain","optional":true,"computed":true},"tier":{"type":"string","description_kind":"plain","required":true},"uuid":{"type":"string","description_kind":"plain","optional":true,"computed":true}},"description_kind":"plain"}},"tier_usages":{"nesting_mode":"list","block":{"attributes":{"tier":{"type":"string","description_kind":"plain","optional":true,"computed":true}},"block_types":{"usage":{"nesting_mode":"set","block":{"attributes":{"available":{"type":"string","description_kind":"plain","optional":true},"consumed":{"type":"string","description_kind":"plain","optional":true},"escrow":{"type":"string","description_kind":"plain","optional":true},"remaining":{"type":"string","description_kind":"plain","optional":true}},"description_kind":"plain"}}},"description_kind":"plain"}}},"description_kind":"plain"}},"avi_memorybalancerrequest":{"version":0,"block":{"attributes":{"id":{"type":"string","description_kind":"plain","optional":true,"computed":true},"name":{"type":"string","description_kind":"plain","required":true},"node_uuid":{"type":"string","description_kind":"plain","optional":true,"computed":true},"process_instance":{"type":"string","description_kind":"plain","optional":true,"computed":true},"tenant_ref":{"type":"string","description_kind":"plain","optional":true,"computed":true},"timestamp":{"type":"string","description_kind":"plain","optional":true,"computed":true},"uuid":{"type":"string","description_kind":"plain","optional":true,"computed":true}},"block_types":{"configpb_attributes":{"nesting_mode":"set","block":{"attributes":{"version":{"type":"string","description_kind":"plain","optional":true,"computed":true}},"description_kind":"plain"}},"controller_info":{"nesting_mode":"set","block":{"attributes":{"current_controller_mem_usage":{"type":"string","description_kind":"plain","optional":true,"computed":true}},"description_kind":"plain"}},"process_info":{"nesting_mode":"set","block":{"attributes":{"current_process_id":{"type":"string","description_kind":"plain","optional":true,"computed":true},"current_process_mem_usage":{"type":"string","description_kind":"plain","optional":true,"computed":true},"intimation_count":{"type":"string","description_kind":"plain","optional":true,"computed":true},"memory_limit":{"type":"string","description_kind":"plain","optional":true,"computed":true},"memory_trend_usage":{"type":"string","description_kind":"plain","optional":true,"computed":true},"process_mode":{"type":"string","description_kind":"plain","optional":true,"computed":true},"threshold_percent":{"type":"string","description_kind":"plain","optional":true,"computed":true}},"description_kind":"plain"}}},"description_kind":"plain"}},"avi_microservicegroup":{"version":0,"block":{"attributes":{"created_by":{"type":"string","description_kind":"plain","optional":true,"computed":true},"description":{"type":"string","description_kind":"plain","optional":true,"computed":true},"id":{"type":"string","description_kind":"plain","optional":true,"computed":true},"name":{"type":"string","description_kind":"plain","required":true},"service_refs":{"type":["list","string"],"description_kind":"plain","optional":true},"tenant_ref":{"type":"string","description_kind":"plain","optional":true,"computed":true},"uuid":{"type":"string","description_kind":"plain","optional":true,"computed":true}},"block_types":{"configpb_attributes":{"nesting_mode":"set","block":{"attributes":{"version":{"type":"string","description_kind":"plain","optional":true,"computed":true}},"description_kind":"plain"}}},"description_kind":"plain"}},"avi_natpolicy":{"version":0,"block":{"attributes":{"created_by":{"type":"string","description_kind":"plain","optional":true,"computed":true},"description":{"type":"string","description_kind":"plain","optional":true,"computed":true},"id":{"type":"string","description_kind":"plain","optional":true,"computed":true},"name":{"type":"string","description_kind":"plain","optional":true,"computed":true},"tenant_ref":{"type":"string","description_kind":"plain","optional":true,"computed":true},"uuid":{"type":"string","description_kind":"plain","optional":true,"computed":true}},"block_types":{"configpb_attributes":{"nesting_mode":"set","block":{"attributes":{"version":{"type":"string","description_kind":"plain","optional":true,"computed":true}},"description_kind":"plain"}},"markers":{"nesting_mode":"list","block":{"attributes":{"key":{"type":"string","description_kind":"plain","required":true},"values":{"type":["list","string"],"description_kind":"plain","optional":true}},"description_kind":"plain"}},"rules":{"nesting_mode":"list","block":{"attributes":{"created_by":{"type":"string","description_kind":"plain","optional":true,"computed":true},"enable":{"type":"string","description_kind":"plain","required":true},"index":{"type":"string","description_kind":"plain","required":true},"name":{"type":"string","description_kind":"plain","required":true}},"block_types":{"action":{"nesting_mode":"set","block":{"attributes":{"type":{"type":"string","description_kind":"plain","required":true}},"block_types":{"nat_info":{"nesting_mode":"list","block":{"block_types":{"nat_ip":{"nesting_mode":"set","block":{"attributes":{"addr":{"type":"string","description_kind":"plain","required":true},"type":{"type":"string","description_kind":"plain","required":true}},"description_kind":"plain"}},"nat_ip_range":{"nesting_mode":"set","block":{"block_types":{"begin":{"nesting_mode":"set","block":{"attributes":{"addr":{"type":"string","description_kind":"plain","required":true},"type":{"type":"string","description_kind":"plain","required":true}},"description_kind":"plain"},"min_items":1},"end":{"nesting_mode":"set","block":{"attributes":{"addr":{"type":"string","description_kind":"plain","required":true},"type":{"type":"string","description_kind":"plain","required":true}},"description_kind":"plain"},"min_items":1}},"description_kind":"plain"}}},"description_kind":"plain"}}},"description_kind":"plain"},"min_items":1},"match":{"nesting_mode":"set","block":{"block_types":{"destination_ip":{"nesting_mode":"set","block":{"attributes":{"group_refs":{"type":["list","string"],"description_kind":"plain","optional":true},"match_criteria":{"type":"string","description_kind":"plain","required":true}},"block_types":{"addrs":{"nesting_mode":"list","block":{"attributes":{"addr":{"type":"string","description_kind":"plain","required":true},"type":{"type":"string","description_kind":"plain","required":true}},"description_kind":"plain"}},"prefixes":{"nesting_mode":"list","block":{"attributes":{"mask":{"type":"string","description_kind":"plain","required":true}},"block_types":{"ip_addr":{"nesting_mode":"set","block":{"attributes":{"addr":{"type":"string","description_kind":"plain","required":true},"type":{"type":"string","description_kind":"plain","required":true}},"description_kind":"plain"},"min_items":1}},"description_kind":"plain"}},"ranges":{"nesting_mode":"list","block":{"block_types":{"begin":{"nesting_mode":"set","block":{"attributes":{"addr":{"type":"string","description_kind":"plain","required":true},"type":{"type":"string","description_kind":"plain","required":true}},"description_kind":"plain"},"min_items":1},"end":{"nesting_mode":"set","block":{"attributes":{"addr":{"type":"string","description_kind":"plain","required":true},"type":{"type":"string","description_kind":"plain","required":true}},"description_kind":"plain"},"min_items":1}},"description_kind":"plain"}}},"description_kind":"plain"}},"services":{"nesting_mode":"set","block":{"block_types":{"destination_port":{"nesting_mode":"set","block":{"attributes":{"match_criteria":{"type":"string","description_kind":"plain","required":true},"ports":{"type":["list","number"],"description_kind":"plain","required":true}},"description_kind":"plain"}},"protocol":{"nesting_mode":"set","block":{"attributes":{"match_criteria":{"type":"string","description_kind":"plain","required":true},"protocol":{"type":"string","description_kind":"plain","required":true}},"description_kind":"plain"}},"source_port":{"nesting_mode":"set","block":{"attributes":{"match_criteria":{"type":"string","description_kind":"plain","required":true},"ports":{"type":["list","number"],"description_kind":"plain","required":true}},"description_kind":"plain"}}},"description_kind":"plain"}},"source_ip":{"nesting_mode":"set","block":{"attributes":{"group_refs":{"type":["list","string"],"description_kind":"plain","optional":true},"match_criteria":{"type":"string","description_kind":"plain","required":true}},"block_types":{"addrs":{"nesting_mode":"list","block":{"attributes":{"addr":{"type":"string","description_kind":"plain","required":true},"type":{"type":"string","description_kind":"plain","required":true}},"description_kind":"plain"}},"prefixes":{"nesting_mode":"list","block":{"attributes":{"mask":{"type":"string","description_kind":"plain","required":true}},"block_types":{"ip_addr":{"nesting_mode":"set","block":{"attributes":{"addr":{"type":"string","description_kind":"plain","required":true},"type":{"type":"string","description_kind":"plain","required":true}},"description_kind":"plain"},"min_items":1}},"description_kind":"plain"}},"ranges":{"nesting_mode":"list","block":{"block_types":{"begin":{"nesting_mode":"set","block":{"attributes":{"addr":{"type":"string","description_kind":"plain","required":true},"type":{"type":"string","description_kind":"plain","required":true}},"description_kind":"plain"},"min_items":1},"end":{"nesting_mode":"set","block":{"attributes":{"addr":{"type":"string","description_kind":"plain","required":true},"type":{"type":"string","description_kind":"plain","required":true}},"description_kind":"plain"},"min_items":1}},"description_kind":"plain"}}},"description_kind":"plain"}}},"description_kind":"plain"},"min_items":1}},"description_kind":"plain"}}},"description_kind":"plain"}},"avi_network":{"version":0,"block":{"attributes":{"cloud_ref":{"type":"string","description_kind":"plain","optional":true,"computed":true},"dhcp_enabled":{"type":"string","description_kind":"plain","optional":true},"exclude_discovered_subnets":{"type":"string","description_kind":"plain","optional":true},"id":{"type":"string","description_kind":"plain","optional":true,"computed":true},"ip6_autocfg_enabled":{"type":"string","description_kind":"plain","optional":true},"name":{"type":"string","description_kind":"plain","required":true},"synced_from_se":{"type":"string","description_kind":"plain","optional":true},"tenant_ref":{"type":"string","description_kind":"plain","optional":true,"computed":true},"uuid":{"type":"string","description_kind":"plain","optional":true,"computed":true},"vcenter_dvs":{"type":"string","description_kind":"plain","optional":true},"vrf_context_ref":{"type":"string","description_kind":"plain","optional":true,"computed":true}},"block_types":{"attrs":{"nesting_mode":"list","block":{"attributes":{"key":{"type":"string","description_kind":"plain","required":true},"value":{"type":"string","description_kind":"plain","optional":true,"computed":true}},"description_kind":"plain"}},"configpb_attributes":{"nesting_mode":"set","block":{"attributes":{"version":{"type":"string","description_kind":"plain","optional":true,"computed":true}},"description_kind":"plain"}},"configured_subnets":{"nesting_mode":"list","block":{"block_types":{"prefix":{"nesting_mode":"set","block":{"attributes":{"mask":{"type":"string","description_kind":"plain","required":true}},"block_types":{"ip_addr":{"nesting_mode":"set","block":{"attributes":{"addr":{"type":"string","description_kind":"plain","required":true},"type":{"type":"string","description_kind":"plain","required":true}},"description_kind":"plain"},"min_items":1}},"description_kind":"plain"},"min_items":1},"static_ip_ranges":{"nesting_mode":"list","block":{"attributes":{"type":{"type":"string","description_kind":"plain","optional":true}},"block_types":{"range":{"nesting_mode":"set","block":{"block_types":{"begin":{"nesting_mode":"set","block":{"attributes":{"addr":{"type":"string","description_kind":"plain","required":true},"type":{"type":"string","description_kind":"plain","required":true}},"description_kind":"plain"},"min_items":1},"end":{"nesting_mode":"set","block":{"attributes":{"addr":{"type":"string","description_kind":"plain","required":true},"type":{"type":"string","description_kind":"plain","required":true}},"description_kind":"plain"},"min_items":1}},"description_kind":"plain"},"min_items":1}},"description_kind":"plain"}}},"description_kind":"plain"}},"markers":{"nesting_mode":"list","block":{"attributes":{"key":{"type":"string","description_kind":"plain","required":true},"values":{"type":["list","string"],"description_kind":"plain","optional":true}},"description_kind":"plain"}}},"description_kind":"plain"}},"avi_networkprofile":{"version":0,"block":{"attributes":{"connection_mirror":{"type":"string","description_kind":"plain","optional":true},"description":{"type":"string","description_kind":"plain","optional":true,"computed":true},"id":{"type":"string","description_kind":"plain","optional":true,"computed":true},"name":{"type":"string","description_kind":"plain","required":true},"tenant_ref":{"type":"string","description_kind":"plain","optional":true,"computed":true},"uuid":{"type":"string","description_kind":"plain","optional":true,"computed":true}},"block_types":{"configpb_attributes":{"nesting_mode":"set","block":{"attributes":{"version":{"type":"string","description_kind":"plain","optional":true,"computed":true}},"description_kind":"plain"}},"markers":{"nesting_mode":"list","block":{"attributes":{"key":{"type":"string","description_kind":"plain","required":true},"values":{"type":["list","string"],"description_kind":"plain","optional":true}},"description_kind":"plain"}},"profile":{"nesting_mode":"set","block":{"attributes":{"type":{"type":"string","description_kind":"plain","required":true}},"block_types":{"tcp_fast_path_profile":{"nesting_mode":"set","block":{"attributes":{"enable_syn_protection":{"type":"string","description_kind":"plain","optional":true},"session_idle_timeout":{"type":"string","description_kind":"plain","optional":true}},"block_types":{"dsr_profile":{"nesting_mode":"set","block":{"attributes":{"dsr_encap_type":{"type":"string","description_kind":"plain","optional":true},"dsr_type":{"type":"string","description_kind":"plain","optional":true}},"description_kind":"plain"}}},"description_kind":"plain"}},"tcp_proxy_profile":{"nesting_mode":"set","block":{"attributes":{"aggressive_congestion_avoidance":{"type":"string","description_kind":"plain","optional":true},"auto_window_growth":{"type":"string","description_kind":"plain","optional":true},"automatic":{"type":"string","description_kind":"plain","optional":true},"cc_algo":{"type":"string","description_kind":"plain","optional":true},"congestion_recovery_scaling_factor":{"type":"string","description_kind":"plain","optional":true},"idle_connection_timeout":{"type":"string","description_kind":"plain","optional":true},"idle_connection_type":{"type":"string","description_kind":"plain","optional":true},"ignore_time_wait":{"type":"string","description_kind":"plain","optional":true},"ip_dscp":{"type":"string","description_kind":"plain","optional":true},"keepalive_in_halfclose_state":{"type":"string","description_kind":"plain","optional":true},"max_retransmissions":{"type":"string","description_kind":"plain","optional":true},"max_segment_size":{"type":"string","description_kind":"plain","optional":true,"computed":true},"max_syn_retransmissions":{"type":"string","description_kind":"plain","optional":true},"min_rexmt_timeout":{"type":"string","description_kind":"plain","optional":true,"computed":true},"nagles_algorithm":{"type":"string","description_kind":"plain","optional":true},"reassembly_queue_size":{"type":"string","description_kind":"plain","optional":true},"receive_window":{"type":"string","description_kind":"plain","optional":true},"reorder_threshold":{"type":"string","description_kind":"plain","optional":true,"computed":true},"slow_start_scaling_factor":{"type":"string","description_kind":"plain","optional":true},"time_wait_delay":{"type":"string","description_kind":"plain","optional":true},"use_interface_mtu":{"type":"string","description_kind":"plain","optional":true}},"description_kind":"plain"}},"udp_fast_path_profile":{"nesting_mode":"set","block":{"attributes":{"per_pkt_loadbalance":{"type":"string","description_kind":"plain","optional":true},"session_idle_timeout":{"type":"string","description_kind":"plain","optional":true},"snat":{"type":"string","description_kind":"plain","optional":true}},"block_types":{"dsr_profile":{"nesting_mode":"set","block":{"attributes":{"dsr_encap_type":{"type":"string","description_kind":"plain","optional":true},"dsr_type":{"type":"string","description_kind":"plain","optional":true}},"description_kind":"plain"}}},"description_kind":"plain"}},"udp_proxy_profile":{"nesting_mode":"set","block":{"attributes":{"session_idle_timeout":{"type":"string","description_kind":"plain","optional":true}},"description_kind":"plain"}}},"description_kind":"plain"},"min_items":1}},"description_kind":"plain"}},"avi_networksecuritypolicy":{"version":0,"block":{"attributes":{"cloud_config_cksum":{"type":"string","description_kind":"plain","optional":true,"computed":true},"created_by":{"type":"string","description_kind":"plain","optional":true,"computed":true},"description":{"type":"string","description_kind":"plain","optional":true,"computed":true},"geo_db_ref":{"type":"string","description_kind":"plain","optional":true,"computed":true},"id":{"type":"string","description_kind":"plain","optional":true,"computed":true},"internal":{"type":"string","description_kind":"plain","optional":true,"computed":true},"ip_reputation_db_ref":{"type":"string","description_kind":"plain","optional":true,"computed":true},"name":{"type":"string","description_kind":"plain","optional":true,"computed":true},"tenant_ref":{"type":"string","description_kind":"plain","optional":true,"computed":true},"uuid":{"type":"string","description_kind":"plain","optional":true,"computed":true}},"block_types":{"configpb_attributes":{"nesting_mode":"set","block":{"attributes":{"version":{"type":"string","description_kind":"plain","optional":true,"computed":true}},"description_kind":"plain"}},"markers":{"nesting_mode":"list","block":{"attributes":{"key":{"type":"string","description_kind":"plain","required":true},"values":{"type":["list","string"],"description_kind":"plain","optional":true}},"description_kind":"plain"}},"rules":{"nesting_mode":"list","block":{"attributes":{"action":{"type":"string","description_kind":"plain","required":true},"age":{"type":"string","description_kind":"plain","optional":true},"created_by":{"type":"string","description_kind":"plain","optional":true,"computed":true},"enable":{"type":"string","description_kind":"plain","required":true},"index":{"type":"string","description_kind":"plain","required":true},"log":{"type":"string","description_kind":"plain","optional":true},"name":{"type":"string","description_kind":"plain","required":true}},"block_types":{"match":{"nesting_mode":"set","block":{"block_types":{"client_ip":{"nesting_mode":"set","block":{"attributes":{"group_refs":{"type":["list","string"],"description_kind":"plain","optional":true},"match_criteria":{"type":"string","description_kind":"plain","required":true}},"block_types":{"addrs":{"nesting_mode":"list","block":{"attributes":{"addr":{"type":"string","description_kind":"plain","required":true},"type":{"type":"string","description_kind":"plain","required":true}},"description_kind":"plain"}},"prefixes":{"nesting_mode":"list","block":{"attributes":{"mask":{"type":"string","description_kind":"plain","required":true}},"block_types":{"ip_addr":{"nesting_mode":"set","block":{"attributes":{"addr":{"type":"string","description_kind":"plain","required":true},"type":{"type":"string","description_kind":"plain","required":true}},"description_kind":"plain"},"min_items":1}},"description_kind":"plain"}},"ranges":{"nesting_mode":"list","block":{"block_types":{"begin":{"nesting_mode":"set","block":{"attributes":{"addr":{"type":"string","description_kind":"plain","required":true},"type":{"type":"string","description_kind":"plain","required":true}},"description_kind":"plain"},"min_items":1},"end":{"nesting_mode":"set","block":{"attributes":{"addr":{"type":"string","description_kind":"plain","required":true},"type":{"type":"string","description_kind":"plain","required":true}},"description_kind":"plain"},"min_items":1}},"description_kind":"plain"}}},"description_kind":"plain"}},"client_port":{"nesting_mode":"set","block":{"attributes":{"match_criteria":{"type":"string","description_kind":"plain","required":true},"ports":{"type":["list","number"],"description_kind":"plain","optional":true}},"block_types":{"ranges":{"nesting_mode":"list","block":{"attributes":{"end":{"type":"string","description_kind":"plain","required":true},"start":{"type":"string","description_kind":"plain","required":true}},"description_kind":"plain"}}},"description_kind":"plain"}},"geo_matches":{"nesting_mode":"list","block":{"attributes":{"attribute":{"type":"string","description_kind":"plain","required":true},"match_operation":{"type":"string","description_kind":"plain","required":true},"values":{"type":["list","string"],"description_kind":"plain","required":true}},"description_kind":"plain"}},"ip_reputation_type":{"nesting_mode":"set","block":{"attributes":{"match_operation":{"type":"string","description_kind":"plain","required":true},"reputation_types":{"type":["list","string"],"description_kind":"plain","required":true}},"description_kind":"plain"}},"microservice":{"nesting_mode":"set","block":{"attributes":{"group_ref":{"type":"string","description_kind":"plain","required":true},"match_criteria":{"type":"string","description_kind":"plain","required":true}},"description_kind":"plain"}},"vs_port":{"nesting_mode":"set","block":{"attributes":{"match_criteria":{"type":"string","description_kind":"plain","required":true},"ports":{"type":["list","number"],"description_kind":"plain","required":true}},"description_kind":"plain"}}},"description_kind":"plain"},"min_items":1},"rl_param":{"nesting_mode":"set","block":{"attributes":{"burst_size":{"type":"string","description_kind":"plain","required":true},"max_rate":{"type":"string","description_kind":"plain","required":true}},"description_kind":"plain"}}},"description_kind":"plain"}}},"description_kind":"plain"}},"avi_networkservice":{"version":0,"block":{"attributes":{"cloud_ref":{"type":"string","description_kind":"plain","optional":true,"computed":true},"id":{"type":"string","description_kind":"plain","optional":true,"computed":true},"name":{"type":"string","description_kind":"plain","required":true},"se_group_ref":{"type":"string","description_kind":"plain","required":true},"service_type":{"type":"string","description_kind":"plain","required":true},"tenant_ref":{"type":"string","description_kind":"plain","optional":true,"computed":true},"uuid":{"type":"string","description_kind":"plain","optional":true,"computed":true},"vrf_ref":{"type":"string","description_kind":"plain","required":true}},"block_types":{"configpb_attributes":{"nesting_mode":"set","block":{"attributes":{"version":{"type":"string","description_kind":"plain","optional":true,"computed":true}},"description_kind":"plain"}},"markers":{"nesting_mode":"list","block":{"attributes":{"key":{"type":"string","description_kind":"plain","required":true},"values":{"type":["list","string"],"description_kind":"plain","optional":true}},"description_kind":"plain"}},"routing_service":{"nesting_mode":"set","block":{"attributes":{"advertise_backend_networks":{"type":"string","description_kind":"plain","optional":true},"enable_auto_gateway":{"type":"string","description_kind":"plain","optional":true},"enable_routing":{"type":"string","description_kind":"plain","optional":true},"enable_vip_on_all_interfaces":{"type":"string","description_kind":"plain","optional":true},"enable_vmac":{"type":"string","description_kind":"plain","optional":true},"graceful_restart":{"type":"string","description_kind":"plain","optional":true},"nat_policy_ref":{"type":"string","description_kind":"plain","optional":true,"computed":true},"routing_by_linux_ipstack":{"type":"string","description_kind":"plain","optional":true}},"block_types":{"floating_intf_ip":{"nesting_mode":"list","block":{"attributes":{"addr":{"type":"string","description_kind":"plain","required":true},"type":{"type":"string","description_kind":"plain","required":true}},"description_kind":"plain"}},"floating_intf_ip_se_2":{"nesting_mode":"list","block":{"attributes":{"addr":{"type":"string","description_kind":"plain","required":true},"type":{"type":"string","description_kind":"plain","required":true}},"description_kind":"plain"}},"flowtable_profile":{"nesting_mode":"set","block":{"attributes":{"icmp_idle_timeout":{"type":"string","description_kind":"plain","optional":true},"tcp_closed_timeout":{"type":"string","description_kind":"plain","optional":true},"tcp_connection_setup_timeout":{"type":"string","description_kind":"plain","optional":true},"tcp_half_closed_timeout":{"type":"string","description_kind":"plain","optional":true},"tcp_idle_timeout":{"type":"string","description_kind":"plain","optional":true},"tcp_reset_timeout":{"type":"string","description_kind":"plain","optional":true},"udp_idle_timeout":{"type":"string","description_kind":"plain","optional":true}},"description_kind":"plain"}}},"description_kind":"plain"}}},"description_kind":"plain"}},"avi_nsxtsegmentruntime":{"version":0,"block":{"attributes":{"cloud_ref":{"type":"string","description_kind":"plain","optional":true,"computed":true},"dhcp6_ranges":{"type":["list","string"],"description_kind":"plain","optional":true},"dhcp_enabled":{"type":"string","description_kind":"plain","optional":true},"dhcp_ranges":{"type":["list","string"],"description_kind":"plain","optional":true},"id":{"type":"string","description_kind":"plain","optional":true,"computed":true},"name":{"type":"string","description_kind":"plain","optional":true,"computed":true},"nw_name":{"type":"string","description_kind":"plain","optional":true,"computed":true},"nw_ref":{"type":"string","description_kind":"plain","optional":true,"computed":true},"opaque_network_id":{"type":"string","description_kind":"plain","optional":true,"computed":true},"segment_gw":{"type":"string","description_kind":"plain","optional":true,"computed":true},"segment_gw6":{"type":"string","description_kind":"plain","optional":true,"computed":true},"segment_id":{"type":"string","description_kind":"plain","optional":true,"computed":true},"segname":{"type":"string","description_kind":"plain","optional":true,"computed":true},"subnet":{"type":"string","description_kind":"plain","optional":true,"computed":true},"subnet6":{"type":"string","description_kind":"plain","optional":true,"computed":true},"tenant_ref":{"type":"string","description_kind":"plain","optional":true,"computed":true},"tier1_id":{"type":"string","description_kind":"plain","optional":true,"computed":true},"uuid":{"type":"string","description_kind":"plain","optional":true,"computed":true},"vlan_ids":{"type":["list","string"],"description_kind":"plain","optional":true},"vrf_context_ref":{"type":"string","description_kind":"plain","optional":true,"computed":true}},"description_kind":"plain"}},"avi_pingaccessagent":{"version":0,"block":{"attributes":{"description":{"type":"string","description_kind":"plain","optional":true,"computed":true},"id":{"type":"string","description_kind":"plain","optional":true,"computed":true},"name":{"type":"string","description_kind":"plain","required":true},"pingaccess_pool_ref":{"type":"string","description_kind":"plain","required":true},"properties_file_data":{"type":"string","description_kind":"plain","required":true},"tenant_ref":{"type":"string","description_kind":"plain","optional":true,"computed":true},"uuid":{"type":"string","description_kind":"plain","optional":true,"computed":true}},"block_types":{"configpb_attributes":{"nesting_mode":"set","block":{"attributes":{"version":{"type":"string","description_kind":"plain","optional":true,"computed":true}},"description_kind":"plain"}},"markers":{"nesting_mode":"list","block":{"attributes":{"key":{"type":"string","description_kind":"plain","required":true},"values":{"type":["list","string"],"description_kind":"plain","optional":true}},"description_kind":"plain"}},"primary_server":{"nesting_mode":"set","block":{"attributes":{"hostname":{"type":"string","description_kind":"plain","optional":true,"computed":true},"port":{"type":"string","description_kind":"plain","optional":true,"computed":true}},"block_types":{"ip":{"nesting_mode":"set","block":{"attributes":{"addr":{"type":"string","description_kind":"plain","required":true},"type":{"type":"string","description_kind":"plain","required":true}},"description_kind":"plain"},"min_items":1}},"description_kind":"plain"},"min_items":1}},"description_kind":"plain"}},"avi_pkiprofile":{"version":0,"block":{"attributes":{"created_by":{"type":"string","description_kind":"plain","optional":true,"computed":true},"crl_check":{"type":"string","description_kind":"plain","optional":true},"id":{"type":"string","description_kind":"plain","optional":true,"computed":true},"ignore_peer_chain":{"type":"string","description_kind":"plain","optional":true},"is_federated":{"type":"string","description_kind":"plain","optional":true},"name":{"type":"string","description_kind":"plain","required":true},"tenant_ref":{"type":"string","description_kind":"plain","optional":true,"computed":true},"uuid":{"type":"string","description_kind":"plain","optional":true,"computed":true},"validate_only_leaf_crl":{"type":"string","description_kind":"plain","optional":true}},"block_types":{"ca_certs":{"nesting_mode":"list","block":{"attributes":{"certificate":{"type":"string","description_kind":"plain","optional":true,"computed":true},"certificate_signing_request":{"type":"string","description_kind":"plain","optional":true,"computed":true},"chain_verified":{"type":"string","description_kind":"plain","optional":true,"computed":true},"days_until_expire":{"type":"string","description_kind":"plain","optional":true},"expiry_status":{"type":"string","description_kind":"plain","optional":true},"fingerprint":{"type":"string","description_kind":"plain","optional":true,"computed":true},"not_after":{"type":"string","description_kind":"plain","optional":true,"computed":true},"not_before":{"type":"string","description_kind":"plain","optional":true,"computed":true},"public_key":{"type":"string","description_kind":"plain","optional":true,"computed":true},"self_signed":{"type":"string","description_kind":"plain","optional":true,"computed":true},"serial_number":{"type":"string","description_kind":"plain","optional":true,"computed":true},"signature":{"type":"string","description_kind":"plain","optional":true,"computed":true},"signature_algorithm":{"type":"string","description_kind":"plain","optional":true,"computed":true},"subject_alt_names":{"type":["list","string"],"description_kind":"plain","optional":true},"text":{"type":"string","description_kind":"plain","optional":true,"computed":true},"version":{"type":"string","description_kind":"plain","optional":true,"computed":true}},"block_types":{"issuer":{"nesting_mode":"set","block":{"attributes":{"common_name":{"type":"string","description_kind":"plain","optional":true,"computed":true},"country":{"type":"string","description_kind":"plain","optional":true,"computed":true},"distinguished_name":{"type":"string","description_kind":"plain","optional":true,"computed":true},"email_address":{"type":"string","description_kind":"plain","optional":true,"computed":true},"locality":{"type":"string","description_kind":"plain","optional":true,"computed":true},"organization":{"type":"string","description_kind":"plain","optional":true,"computed":true},"organization_unit":{"type":"string","description_kind":"plain","optional":true,"computed":true},"state":{"type":"string","description_kind":"plain","optional":true,"computed":true}},"description_kind":"plain"}},"key_params":{"nesting_mode":"set","block":{"attributes":{"algorithm":{"type":"string","description_kind":"plain","required":true}},"block_types":{"ec_params":{"nesting_mode":"set","block":{"attributes":{"curve":{"type":"string","description_kind":"plain","optional":true}},"description_kind":"plain"}},"rsa_params":{"nesting_mode":"set","block":{"attributes":{"exponent":{"type":"string","description_kind":"plain","optional":true},"key_size":{"type":"string","description_kind":"plain","optional":true}},"description_kind":"plain"}}},"description_kind":"plain"}},"subject":{"nesting_mode":"set","block":{"attributes":{"common_name":{"type":"string","description_kind":"plain","optional":true,"computed":true},"country":{"type":"string","description_kind":"plain","optional":true,"computed":true},"distinguished_name":{"type":"string","description_kind":"plain","optional":true,"computed":true},"email_address":{"type":"string","description_kind":"plain","optional":true,"computed":true},"locality":{"type":"string","description_kind":"plain","optional":true,"computed":true},"organization":{"type":"string","description_kind":"plain","optional":true,"computed":true},"organization_unit":{"type":"string","description_kind":"plain","optional":true,"computed":true},"state":{"type":"string","description_kind":"plain","optional":true,"computed":true}},"description_kind":"plain"}}},"description_kind":"plain"}},"configpb_attributes":{"nesting_mode":"set","block":{"attributes":{"version":{"type":"string","description_kind":"plain","optional":true,"computed":true}},"description_kind":"plain"}},"crls":{"nesting_mode":"list","block":{"attributes":{"body":{"type":"string","description_kind":"plain","optional":true,"computed":true},"common_name":{"type":"string","description_kind":"plain","optional":true,"computed":true},"distinguished_name":{"type":"string","description_kind":"plain","optional":true,"computed":true},"etag":{"type":"string","description_kind":"plain","optional":true,"computed":true},"fingerprint":{"type":"string","description_kind":"plain","optional":true,"computed":true},"last_refreshed":{"type":"string","description_kind":"plain","optional":true,"computed":true},"last_update":{"type":"string","description_kind":"plain","optional":true,"computed":true},"next_update":{"type":"string","description_kind":"plain","optional":true,"computed":true},"server_url":{"type":"string","description_kind":"plain","optional":true,"computed":true},"text":{"type":"string","description_kind":"plain","optional":true,"computed":true},"update_interval":{"type":"string","description_kind":"plain","optional":true,"computed":true}},"description_kind":"plain"}},"markers":{"nesting_mode":"list","block":{"attributes":{"key":{"type":"string","description_kind":"plain","required":true},"values":{"type":["list","string"],"description_kind":"plain","optional":true}},"description_kind":"plain"}}},"description_kind":"plain"}},"avi_pool":{"version":0,"block":{"attributes":{"analytics_profile_ref":{"type":"string","description_kind":"plain","optional":true,"computed":true},"append_port":{"type":"string","description_kind":"plain","optional":true},"application_persistence_profile_ref":{"type":"string","description_kind":"plain","optional":true,"computed":true},"autoscale_launch_config_ref":{"type":"string","description_kind":"plain","optional":true,"computed":true},"autoscale_networks":{"type":["list","string"],"description_kind":"plain","optional":true},"autoscale_policy_ref":{"type":"string","description_kind":"plain","optional":true,"computed":true},"capacity_estimation":{"type":"string","description_kind":"plain","optional":true},"capacity_estimation_ttfb_thresh":{"type":"string","description_kind":"plain","optional":true},"cloud_config_cksum":{"type":"string","description_kind":"plain","optional":true,"computed":true},"cloud_ref":{"type":"string","description_kind":"plain","optional":true,"computed":true},"connection_ramp_duration":{"type":"string","description_kind":"plain","optional":true},"created_by":{"type":"string","description_kind":"plain","optional":true,"computed":true},"default_server_port":{"type":"string","description_kind":"plain","optional":true},"delete_server_on_dns_refresh":{"type":"string","description_kind":"plain","optional":true},"description":{"type":"string","description_kind":"plain","optional":true,"computed":true},"domain_name":{"type":["list","string"],"description_kind":"plain","optional":true},"east_west":{"type":"string","description_kind":"plain","optional":true,"computed":true},"enable_http2":{"type":"string","description_kind":"plain","optional":true},"enabled":{"type":"string","description_kind":"plain","optional":true},"external_autoscale_groups":{"type":["list","string"],"description_kind":"plain","optional":true},"fewest_tasks_feedback_delay":{"type":"string","description_kind":"plain","optional":true},"graceful_disable_timeout":{"type":"string","description_kind":"plain","optional":true},"health_monitor_refs":{"type":["list","string"],"description_kind":"plain","optional":true},"host_check_enabled":{"type":"string","description_kind":"plain","optional":true},"id":{"type":"string","description_kind":"plain","optional":true,"computed":true},"ignore_server_port":{"type":"string","description_kind":"plain","optional":true},"ignore_servers":{"type":"bool","description_kind":"plain","optional":true},"inline_health_monitor":{"type":"string","description_kind":"plain","optional":true},"ipaddrgroup_ref":{"type":"string","description_kind":"plain","optional":true,"computed":true},"lb_algorithm":{"type":"string","description_kind":"plain","optional":true},"lb_algorithm_consistent_hash_hdr":{"type":"string","description_kind":"plain","optional":true,"computed":true},"lb_algorithm_core_nonaffinity":{"type":"string","description_kind":"plain","optional":true},"lb_algorithm_hash":{"type":"string","description_kind":"plain","optional":true},"lookup_server_by_name":{"type":"string","description_kind":"plain","optional":true},"max_concurrent_connections_per_server":{"type":"string","description_kind":"plain","optional":true},"min_health_monitors_up":{"type":"string","description_kind":"plain","optional":true,"computed":true},"min_servers_up":{"type":"string","description_kind":"plain","optional":true,"computed":true},"name":{"type":"string","description_kind":"plain","required":true},"nsx_securitygroup":{"type":["list","string"],"description_kind":"plain","optional":true},"pki_profile_ref":{"type":"string","description_kind":"plain","optional":true,"computed":true},"request_queue_depth":{"type":"string","description_kind":"plain","optional":true},"request_queue_enabled":{"type":"string","description_kind":"plain","optional":true},"resolve_pool_by_dns":{"type":"string","description_kind":"plain","optional":true,"computed":true},"rewrite_host_header_to_server_name":{"type":"string","description_kind":"plain","optional":true},"rewrite_host_header_to_sni":{"type":"string","description_kind":"plain","optional":true},"routing_pool":{"type":"string","description_kind":"plain","optional":true},"server_disable_type":{"type":"string","description_kind":"plain","optional":true},"server_name":{"type":"string","description_kind":"plain","optional":true,"computed":true},"server_timeout":{"type":"string","description_kind":"plain","optional":true},"service_metadata":{"type":"string","description_kind":"plain","optional":true,"computed":true},"sni_enabled":{"type":"string","description_kind":"plain","optional":true},"ssl_key_and_certificate_ref":{"type":"string","description_kind":"plain","optional":true,"computed":true},"ssl_profile_ref":{"type":"string","description_kind":"plain","optional":true,"computed":true},"tenant_ref":{"type":"string","description_kind":"plain","optional":true,"computed":true},"tier1_lr":{"type":"string","description_kind":"plain","optional":true,"computed":true},"use_service_port":{"type":"string","description_kind":"plain","optional":true},"use_service_ssl_mode":{"type":"string","description_kind":"plain","optional":true},"uuid":{"type":"string","description_kind":"plain","optional":true,"computed":true},"vrf_ref":{"type":"string","description_kind":"plain","optional":true,"computed":true}},"block_types":{"analytics_policy":{"nesting_mode":"set","block":{"attributes":{"enable_realtime_metrics":{"type":"string","description_kind":"plain","optional":true}},"description_kind":"plain"}},"configpb_attributes":{"nesting_mode":"set","block":{"attributes":{"version":{"type":"string","description_kind":"plain","optional":true,"computed":true}},"description_kind":"plain"}},"conn_pool_properties":{"nesting_mode":"set","block":{"attributes":{"upstream_connpool_conn_idle_tmo":{"type":"string","description_kind":"plain","optional":true},"upstream_connpool_conn_life_tmo":{"type":"string","description_kind":"plain","optional":true},"upstream_connpool_conn_max_reuse":{"type":"string","description_kind":"plain","optional":true},"upstream_connpool_server_max_cache":{"type":"string","description_kind":"plain","optional":true}},"description_kind":"plain"}},"fail_action":{"nesting_mode":"set","block":{"attributes":{"type":{"type":"string","description_kind":"plain","required":true}},"block_types":{"local_rsp":{"nesting_mode":"set","block":{"attributes":{"status_code":{"type":"string","description_kind":"plain","optional":true}},"block_types":{"file":{"nesting_mode":"set","block":{"attributes":{"content_type":{"type":"string","description_kind":"plain","required":true},"file_content":{"type":"string","description_kind":"plain","required":true},"file_length":{"type":"string","description_kind":"plain","optional":true,"computed":true}},"description_kind":"plain"}}},"description_kind":"plain"}},"redirect":{"nesting_mode":"set","block":{"attributes":{"host":{"type":"string","description_kind":"plain","required":true},"path":{"type":"string","description_kind":"plain","optional":true,"computed":true},"protocol":{"type":"string","description_kind":"plain","optional":true},"query":{"type":"string","description_kind":"plain","optional":true,"computed":true},"status_code":{"type":"string","description_kind":"plain","optional":true}},"description_kind":"plain"}}},"description_kind":"plain"}},"http2_properties":{"nesting_mode":"set","block":{"attributes":{"max_http2_control_frames_per_connection":{"type":"string","description_kind":"plain","optional":true},"max_http2_header_field_size":{"type":"string","description_kind":"plain","optional":true}},"description_kind":"plain"}},"markers":{"nesting_mode":"list","block":{"attributes":{"key":{"type":"string","description_kind":"plain","required":true},"values":{"type":["list","string"],"description_kind":"plain","optional":true}},"description_kind":"plain"}},"max_conn_rate_per_server":{"nesting_mode":"set","block":{"attributes":{"explicit_tracking":{"type":"string","description_kind":"plain","optional":true},"fine_grain":{"type":"string","description_kind":"plain","optional":true},"http_cookie":{"type":"string","description_kind":"plain","optional":true,"computed":true},"http_header":{"type":"string","description_kind":"plain","optional":true,"computed":true}},"block_types":{"action":{"nesting_mode":"set","block":{"attributes":{"status_code":{"type":"string","description_kind":"plain","optional":true},"type":{"type":"string","description_kind":"plain","optional":true}},"block_types":{"file":{"nesting_mode":"set","block":{"attributes":{"content_type":{"type":"string","description_kind":"plain","required":true},"file_content":{"type":"string","description_kind":"plain","required":true},"file_length":{"type":"string","description_kind":"plain","optional":true,"computed":true}},"description_kind":"plain"}},"redirect":{"nesting_mode":"set","block":{"attributes":{"add_string":{"type":"string","description_kind":"plain","optional":true,"computed":true},"keep_query":{"type":"string","description_kind":"plain","optional":true},"port":{"type":"string","description_kind":"plain","optional":true,"computed":true},"protocol":{"type":"string","description_kind":"plain","required":true},"status_code":{"type":"string","description_kind":"plain","optional":true}},"block_types":{"host":{"nesting_mode":"set","block":{"attributes":{"type":{"type":"string","description_kind":"plain","required":true}},"block_types":{"tokens":{"nesting_mode":"list","block":{"attributes":{"end_index":{"type":"string","description_kind":"plain","optional":true,"computed":true},"start_index":{"type":"string","description_kind":"plain","optional":true,"computed":true},"str_value":{"type":"string","description_kind":"plain","optional":true,"computed":true},"type":{"type":"string","description_kind":"plain","required":true}},"description_kind":"plain"},"min_items":1}},"description_kind":"plain"}},"path":{"nesting_mode":"set","block":{"attributes":{"type":{"type":"string","description_kind":"plain","required":true}},"block_types":{"tokens":{"nesting_mode":"list","block":{"attributes":{"end_index":{"type":"string","description_kind":"plain","optional":true,"computed":true},"start_index":{"type":"string","description_kind":"plain","optional":true,"computed":true},"str_value":{"type":"string","description_kind":"plain","optional":true,"computed":true},"type":{"type":"string","description_kind":"plain","required":true}},"description_kind":"plain"},"min_items":1}},"description_kind":"plain"}}},"description_kind":"plain"}}},"description_kind":"plain"},"min_items":1},"rate_limiter":{"nesting_mode":"set","block":{"attributes":{"burst_sz":{"type":"string","description_kind":"plain","optional":true},"count":{"type":"string","description_kind":"plain","optional":true},"name":{"type":"string","description_kind":"plain","optional":true,"computed":true},"period":{"type":"string","description_kind":"plain","optional":true}},"description_kind":"plain"}}},"description_kind":"plain"}},"networks":{"nesting_mode":"list","block":{"attributes":{"network_ref":{"type":"string","description_kind":"plain","required":true},"server_filter":{"type":"string","description_kind":"plain","optional":true,"computed":true}},"description_kind":"plain"}},"placement_networks":{"nesting_mode":"list","block":{"attributes":{"network_ref":{"type":"string","description_kind":"plain","required":true}},"block_types":{"subnet":{"nesting_mode":"set","block":{"attributes":{"mask":{"type":"string","description_kind":"plain","required":true}},"block_types":{"ip_addr":{"nesting_mode":"set","block":{"attributes":{"addr":{"type":"string","description_kind":"plain","required":true},"type":{"type":"string","description_kind":"plain","required":true}},"description_kind":"plain"},"min_items":1}},"description_kind":"plain"},"min_items":1}},"description_kind":"plain"}},"server_reselect":{"nesting_mode":"set","block":{"attributes":{"enabled":{"type":"string","description_kind":"plain","required":true},"num_retries":{"type":"string","description_kind":"plain","optional":true},"retry_nonidempotent":{"type":"string","description_kind":"plain","optional":true},"retry_timeout":{"type":"string","description_kind":"plain","optional":true}},"block_types":{"svr_resp_code":{"nesting_mode":"set","block":{"attributes":{"codes":{"type":["list","number"],"description_kind":"plain","optional":true},"resp_code_block":{"type":["list","string"],"description_kind":"plain","optional":true}},"block_types":{"ranges":{"nesting_mode":"list","block":{"attributes":{"begin":{"type":"string","description_kind":"plain","required":true},"end":{"type":"string","description_kind":"plain","required":true}},"description_kind":"plain"}}},"description_kind":"plain"}}},"description_kind":"plain"}},"servers":{"nesting_mode":"list","block":{"attributes":{"autoscaling_group_name":{"type":"string","description_kind":"plain","optional":true,"computed":true},"availability_zone":{"type":"string","description_kind":"plain","optional":true,"computed":true},"description":{"type":"string","description_kind":"plain","optional":true,"computed":true},"enabled":{"type":"string","description_kind":"plain","optional":true},"external_orchestration_id":{"type":"string","description_kind":"plain","optional":true,"computed":true},"external_uuid":{"type":"string","description_kind":"plain","optional":true,"computed":true},"hostname":{"type":"string","description_kind":"plain","optional":true,"computed":true},"mac_address":{"type":"string","description_kind":"plain","optional":true,"computed":true},"nw_ref":{"type":"string","description_kind":"plain","optional":true,"computed":true},"port":{"type":"string","description_kind":"plain","optional":true,"computed":true},"prst_hdr_val":{"type":"string","description_kind":"plain","optional":true,"computed":true},"ratio":{"type":"string","description_kind":"plain","optional":true},"resolve_server_by_dns":{"type":"string","description_kind":"plain","optional":true},"rewrite_host_header":{"type":"string","description_kind":"plain","optional":true},"server_node":{"type":"string","description_kind":"plain","optional":true,"computed":true},"static":{"type":"string","description_kind":"plain","optional":true},"verify_network":{"type":"string","description_kind":"plain","optional":true},"vm_ref":{"type":"string","description_kind":"plain","optional":true,"computed":true}},"block_types":{"discovered_networks":{"nesting_mode":"list","block":{"attributes":{"network_ref":{"type":"string","description_kind":"plain","required":true}},"block_types":{"subnet":{"nesting_mode":"list","block":{"attributes":{"mask":{"type":"string","description_kind":"plain","required":true}},"block_types":{"ip_addr":{"nesting_mode":"set","block":{"attributes":{"addr":{"type":"string","description_kind":"plain","required":true},"type":{"type":"string","description_kind":"plain","required":true}},"description_kind":"plain"},"min_items":1}},"description_kind":"plain"}},"subnet6":{"nesting_mode":"list","block":{"attributes":{"mask":{"type":"string","description_kind":"plain","required":true}},"block_types":{"ip_addr":{"nesting_mode":"set","block":{"attributes":{"addr":{"type":"string","description_kind":"plain","required":true},"type":{"type":"string","description_kind":"plain","required":true}},"description_kind":"plain"},"min_items":1}},"description_kind":"plain"}}},"description_kind":"plain"}},"ip":{"nesting_mode":"set","block":{"attributes":{"addr":{"type":"string","description_kind":"plain","required":true},"type":{"type":"string","description_kind":"plain","required":true}},"description_kind":"plain"},"min_items":1},"location":{"nesting_mode":"set","block":{"attributes":{"latitude":{"type":"string","description_kind":"plain","optional":true,"computed":true},"longitude":{"type":"string","description_kind":"plain","optional":true,"computed":true},"name":{"type":"string","description_kind":"plain","optional":true,"computed":true},"tag":{"type":"string","description_kind":"plain","optional":true,"computed":true}},"description_kind":"plain"}}},"description_kind":"plain"}}},"description_kind":"plain"}},"avi_poolgroup":{"version":0,"block":{"attributes":{"cloud_config_cksum":{"type":"string","description_kind":"plain","optional":true,"computed":true},"cloud_ref":{"type":"string","description_kind":"plain","optional":true,"computed":true},"created_by":{"type":"string","description_kind":"plain","optional":true,"computed":true},"deactivate_primary_pool_on_down":{"type":"string","description_kind":"plain","optional":true},"deployment_policy_ref":{"type":"string","description_kind":"plain","optional":true,"computed":true},"description":{"type":"string","description_kind":"plain","optional":true,"computed":true},"enable_http2":{"type":"string","description_kind":"plain","optional":true},"id":{"type":"string","description_kind":"plain","optional":true,"computed":true},"implicit_priority_labels":{"type":"string","description_kind":"plain","optional":true},"min_servers":{"type":"string","description_kind":"plain","optional":true},"name":{"type":"string","description_kind":"plain","required":true},"priority_labels_ref":{"type":"string","description_kind":"plain","optional":true,"computed":true},"service_metadata":{"type":"string","description_kind":"plain","optional":true,"computed":true},"tenant_ref":{"type":"string","description_kind":"plain","optional":true,"computed":true},"uuid":{"type":"string","description_kind":"plain","optional":true,"computed":true}},"block_types":{"configpb_attributes":{"nesting_mode":"set","block":{"attributes":{"version":{"type":"string","description_kind":"plain","optional":true,"computed":true}},"description_kind":"plain"}},"fail_action":{"nesting_mode":"set","block":{"attributes":{"type":{"type":"string","description_kind":"plain","required":true}},"block_types":{"local_rsp":{"nesting_mode":"set","block":{"attributes":{"status_code":{"type":"string","description_kind":"plain","optional":true}},"block_types":{"file":{"nesting_mode":"set","block":{"attributes":{"content_type":{"type":"string","description_kind":"plain","required":true},"file_content":{"type":"string","description_kind":"plain","required":true},"file_length":{"type":"string","description_kind":"plain","optional":true,"computed":true}},"description_kind":"plain"}}},"description_kind":"plain"}},"redirect":{"nesting_mode":"set","block":{"attributes":{"host":{"type":"string","description_kind":"plain","required":true},"path":{"type":"string","description_kind":"plain","optional":true,"computed":true},"protocol":{"type":"string","description_kind":"plain","optional":true},"query":{"type":"string","description_kind":"plain","optional":true,"computed":true},"status_code":{"type":"string","description_kind":"plain","optional":true}},"description_kind":"plain"}}},"description_kind":"plain"}},"markers":{"nesting_mode":"list","block":{"attributes":{"key":{"type":"string","description_kind":"plain","required":true},"values":{"type":["list","string"],"description_kind":"plain","optional":true}},"description_kind":"plain"}},"members":{"nesting_mode":"list","block":{"attributes":{"deployment_state":{"type":"string","description_kind":"plain","optional":true,"computed":true},"pool_ref":{"type":"string","description_kind":"plain","required":true},"priority_label":{"type":"string","description_kind":"plain","optional":true,"computed":true},"ratio":{"type":"string","description_kind":"plain","optional":true}},"description_kind":"plain"}}},"description_kind":"plain"}},"avi_poolgroupdeploymentpolicy":{"version":0,"block":{"attributes":{"auto_disable_old_prod_pools":{"type":"string","description_kind":"plain","optional":true},"description":{"type":"string","description_kind":"plain","optional":true,"computed":true},"evaluation_duration":{"type":"string","description_kind":"plain","optional":true},"id":{"type":"string","description_kind":"plain","optional":true,"computed":true},"name":{"type":"string","description_kind":"plain","required":true},"scheme":{"type":"string","description_kind":"plain","optional":true},"target_test_traffic_ratio":{"type":"string","description_kind":"plain","optional":true},"tenant_ref":{"type":"string","description_kind":"plain","optional":true,"computed":true},"test_traffic_ratio_rampup":{"type":"string","description_kind":"plain","optional":true},"uuid":{"type":"string","description_kind":"plain","optional":true,"computed":true},"webhook_ref":{"type":"string","description_kind":"plain","optional":true,"computed":true}},"block_types":{"configpb_attributes":{"nesting_mode":"set","block":{"attributes":{"version":{"type":"string","description_kind":"plain","optional":true,"computed":true}},"description_kind":"plain"}},"markers":{"nesting_mode":"list","block":{"attributes":{"key":{"type":"string","description_kind":"plain","required":true},"values":{"type":["list","string"],"description_kind":"plain","optional":true}},"description_kind":"plain"}},"rules":{"nesting_mode":"list","block":{"attributes":{"metric_id":{"type":"string","description_kind":"plain","optional":true},"operator":{"type":"string","description_kind":"plain","optional":true},"threshold":{"type":"string","description_kind":"plain","optional":true,"computed":true}},"description_kind":"plain"}}},"description_kind":"plain"}},"avi_prioritylabels":{"version":0,"block":{"attributes":{"cloud_ref":{"type":"string","description_kind":"plain","optional":true,"computed":true},"description":{"type":"string","description_kind":"plain","optional":true,"computed":true},"id":{"type":"string","description_kind":"plain","optional":true,"computed":true},"name":{"type":"string","description_kind":"plain","required":true},"tenant_ref":{"type":"string","description_kind":"plain","optional":true,"computed":true},"uuid":{"type":"string","description_kind":"plain","optional":true,"computed":true}},"block_types":{"configpb_attributes":{"nesting_mode":"set","block":{"attributes":{"version":{"type":"string","description_kind":"plain","optional":true,"computed":true}},"description_kind":"plain"}},"equivalent_labels":{"nesting_mode":"list","block":{"attributes":{"labels":{"type":["list","string"],"description_kind":"plain","optional":true}},"description_kind":"plain"}},"markers":{"nesting_mode":"list","block":{"attributes":{"key":{"type":"string","description_kind":"plain","required":true},"values":{"type":["list","string"],"description_kind":"plain","optional":true}},"description_kind":"plain"}}},"description_kind":"plain"}},"avi_protocolparser":{"version":0,"block":{"attributes":{"description":{"type":"string","description_kind":"plain","optional":true,"computed":true},"id":{"type":"string","description_kind":"plain","optional":true,"computed":true},"name":{"type":"string","description_kind":"plain","required":true},"parser_code":{"type":"string","description_kind":"plain","required":true},"tenant_ref":{"type":"string","description_kind":"plain","optional":true,"computed":true},"uuid":{"type":"string","description_kind":"plain","optional":true,"computed":true}},"block_types":{"configpb_attributes":{"nesting_mode":"set","block":{"attributes":{"version":{"type":"string","description_kind":"plain","optional":true,"computed":true}},"description_kind":"plain"}},"markers":{"nesting_mode":"list","block":{"attributes":{"key":{"type":"string","description_kind":"plain","required":true},"values":{"type":["list","string"],"description_kind":"plain","optional":true}},"description_kind":"plain"}}},"description_kind":"plain"}},"avi_rmcloudopsproto":{"version":0,"block":{"attributes":{"id":{"type":"string","description_kind":"plain","optional":true,"computed":true},"last_queried_se_creation_limit":{"type":"string","description_kind":"plain","optional":true,"computed":true},"name":{"type":"string","description_kind":"plain","optional":true,"computed":true},"pending_se_creation_count":{"type":"string","description_kind":"plain","optional":true,"computed":true},"pending_vnic_op_count":{"type":"string","description_kind":"plain","optional":true,"computed":true},"uuid":{"type":"string","description_kind":"plain","optional":true,"computed":true}},"description_kind":"plain"}},"avi_role":{"version":0,"block":{"attributes":{"allow_unlabelled_access":{"type":"string","description_kind":"plain","optional":true},"id":{"type":"string","description_kind":"plain","optional":true,"computed":true},"name":{"type":"string","description_kind":"plain","required":true},"tenant_ref":{"type":"string","description_kind":"plain","optional":true,"computed":true},"uuid":{"type":"string","description_kind":"plain","optional":true,"computed":true}},"block_types":{"configpb_attributes":{"nesting_mode":"set","block":{"attributes":{"version":{"type":"string","description_kind":"plain","optional":true,"computed":true}},"description_kind":"plain"}},"filters":{"nesting_mode":"list","block":{"attributes":{"enabled":{"type":"string","description_kind":"plain","optional":true},"match_operation":{"type":"string","description_kind":"plain","optional":true},"name":{"type":"string","description_kind":"plain","optional":true,"computed":true}},"block_types":{"match_label":{"nesting_mode":"set","block":{"attributes":{"key":{"type":"string","description_kind":"plain","required":true},"values":{"type":["list","string"],"description_kind":"plain","optional":true}},"description_kind":"plain"},"min_items":1}},"description_kind":"plain"}},"privileges":{"nesting_mode":"list","block":{"attributes":{"resource":{"type":"string","description_kind":"plain","required":true},"type":{"type":"string","description_kind":"plain","required":true}},"block_types":{"subresource":{"nesting_mode":"set","block":{"attributes":{"exclude_subresources":{"type":"string","description_kind":"plain","optional":true},"subresources":{"type":["list","string"],"description_kind":"plain","required":true}},"description_kind":"plain"}}},"description_kind":"plain"}}},"description_kind":"plain"}},"avi_scheduler":{"version":0,"block":{"attributes":{"backup_config_ref":{"type":"string","description_kind":"plain","optional":true,"computed":true},"enabled":{"type":"string","description_kind":"plain","optional":true},"end_date_time":{"type":"string","description_kind":"plain","optional":true,"computed":true},"frequency":{"type":"string","description_kind":"plain","optional":true,"computed":true},"frequency_unit":{"type":"string","description_kind":"plain","optional":true,"computed":true},"id":{"type":"string","description_kind":"plain","optional":true,"computed":true},"name":{"type":"string","description_kind":"plain","required":true},"run_mode":{"type":"string","description_kind":"plain","optional":true,"computed":true},"run_script_ref":{"type":"string","description_kind":"plain","optional":true,"computed":true},"scheduler_action":{"type":"string","description_kind":"plain","optional":true},"start_date_time":{"type":"string","description_kind":"plain","optional":true,"computed":true},"tenant_ref":{"type":"string","description_kind":"plain","optional":true,"computed":true},"uuid":{"type":"string","description_kind":"plain","optional":true,"computed":true}},"block_types":{"configpb_attributes":{"nesting_mode":"set","block":{"attributes":{"version":{"type":"string","description_kind":"plain","optional":true,"computed":true}},"description_kind":"plain"}}},"description_kind":"plain"}},"avi_securitymanagerdata":{"version":0,"block":{"attributes":{"id":{"type":"string","description_kind":"plain","optional":true,"computed":true},"name":{"type":"string","description_kind":"plain","required":true},"tenant_ref":{"type":"string","description_kind":"plain","optional":true,"computed":true},"uuid":{"type":"string","description_kind":"plain","optional":true,"computed":true}},"block_types":{"app_learning_info":{"nesting_mode":"list","block":{"attributes":{"app_id":{"type":"string","description_kind":"plain","optional":true,"computed":true},"vs_uuid":{"type":"string","description_kind":"plain","optional":true,"computed":true}},"block_types":{"uri_info":{"nesting_mode":"list","block":{"attributes":{"uri_hits":{"type":"string","description_kind":"plain","optional":true,"computed":true},"uri_key":{"type":"string","description_kind":"plain","optional":true,"computed":true}},"block_types":{"param_info":{"nesting_mode":"list","block":{"attributes":{"param_hits":{"type":"string","description_kind":"plain","optional":true,"computed":true},"param_key":{"type":"string","description_kind":"plain","optional":true,"computed":true}},"block_types":{"param_size_classes":{"nesting_mode":"list","block":{"attributes":{"hits":{"type":"string","description_kind":"plain","optional":true,"computed":true},"len":{"type":"string","description_kind":"plain","optional":true,"computed":true}},"description_kind":"plain"}},"param_type_classes":{"nesting_mode":"list","block":{"attributes":{"hits":{"type":"string","description_kind":"plain","optional":true,"computed":true},"type":{"type":"string","description_kind":"plain","optional":true,"computed":true}},"description_kind":"plain"}}},"description_kind":"plain"}}},"description_kind":"plain"}}},"description_kind":"plain"}}},"description_kind":"plain"}},"avi_securitypolicy":{"version":0,"block":{"attributes":{"description":{"type":"string","description_kind":"plain","optional":true,"computed":true},"dns_policy_index":{"type":"string","description_kind":"plain","optional":true},"id":{"type":"string","description_kind":"plain","optional":true,"computed":true},"name":{"type":"string","description_kind":"plain","required":true},"network_security_policy_index":{"type":"string","description_kind":"plain","optional":true},"oper_mode":{"type":"string","description_kind":"plain","optional":true},"tenant_ref":{"type":"string","description_kind":"plain","optional":true,"computed":true},"uuid":{"type":"string","description_kind":"plain","optional":true,"computed":true}},"block_types":{"configpb_attributes":{"nesting_mode":"set","block":{"attributes":{"version":{"type":"string","description_kind":"plain","optional":true,"computed":true}},"description_kind":"plain"}},"dns_amplification_denyports":{"nesting_mode":"set","block":{"attributes":{"match_criteria":{"type":"string","description_kind":"plain","required":true},"ports":{"type":["list","number"],"description_kind":"plain","optional":true}},"block_types":{"ranges":{"nesting_mode":"list","block":{"attributes":{"end":{"type":"string","description_kind":"plain","required":true},"start":{"type":"string","description_kind":"plain","required":true}},"description_kind":"plain"}}},"description_kind":"plain"}},"dns_attacks":{"nesting_mode":"set","block":{"attributes":{"oper_mode":{"type":"string","description_kind":"plain","optional":true,"computed":true}},"block_types":{"attacks":{"nesting_mode":"list","block":{"attributes":{"attack_vector":{"type":"string","description_kind":"plain","required":true},"enabled":{"type":"string","description_kind":"plain","optional":true},"max_mitigation_age":{"type":"string","description_kind":"plain","optional":true},"threshold":{"type":"string","description_kind":"plain","optional":true,"computed":true}},"block_types":{"mitigation_action":{"nesting_mode":"set","block":{"attributes":{"deny":{"type":"string","description_kind":"plain","optional":true}},"description_kind":"plain"}}},"description_kind":"plain"}}},"description_kind":"plain"}},"markers":{"nesting_mode":"list","block":{"attributes":{"key":{"type":"string","description_kind":"plain","required":true},"values":{"type":["list","string"],"description_kind":"plain","optional":true}},"description_kind":"plain"}},"tcp_attacks":{"nesting_mode":"set","block":{"description_kind":"plain"}},"udp_attacks":{"nesting_mode":"set","block":{"description_kind":"plain"}}},"description_kind":"plain"}},"avi_seproperties":{"version":0,"block":{"attributes":{"id":{"type":"string","description_kind":"plain","optional":true,"computed":true},"uuid":{"type":"string","description_kind":"plain","optional":true,"computed":true}},"block_types":{"configpb_attributes":{"nesting_mode":"set","block":{"attributes":{"version":{"type":"string","description_kind":"plain","optional":true,"computed":true}},"description_kind":"plain"}},"se_agent_properties":{"nesting_mode":"set","block":{"attributes":{"controller_echo_miss_aggressive_limit":{"type":"string","description_kind":"plain","optional":true},"controller_echo_miss_limit":{"type":"string","description_kind":"plain","optional":true},"controller_echo_rpc_aggressive_timeout":{"type":"string","description_kind":"plain","optional":true},"controller_echo_rpc_timeout":{"type":"string","description_kind":"plain","optional":true},"controller_heartbeat_miss_limit":{"type":"string","description_kind":"plain","optional":true},"controller_heartbeat_timeout_sec":{"type":"string","description_kind":"plain","optional":true},"controller_registration_timeout_sec":{"type":"string","description_kind":"plain","optional":true},"controller_rpc_timeout":{"type":"string","description_kind":"plain","optional":true},"cpustats_interval":{"type":"string","description_kind":"plain","optional":true},"ctrl_reg_pending_max_wait_time":{"type":"string","description_kind":"plain","optional":true},"debug_mode":{"type":"string","description_kind":"plain","optional":true},"dp_aggressive_deq_interval_msec":{"type":"string","description_kind":"plain","optional":true},"dp_aggressive_enq_interval_msec":{"type":"string","description_kind":"plain","optional":true},"dp_batch_size":{"type":"string","description_kind":"plain","optional":true},"dp_deq_interval_msec":{"type":"string","description_kind":"plain","optional":true},"dp_enq_interval_msec":{"type":"string","description_kind":"plain","optional":true},"dp_max_wait_rsp_time_sec":{"type":"string","description_kind":"plain","optional":true},"dp_reg_pending_max_wait_time":{"type":"string","description_kind":"plain","optional":true},"headless_timeout_sec":{"type":"string","description_kind":"plain","optional":true},"ignore_docker_mac_change":{"type":"string","description_kind":"plain","optional":true},"ns_helper_deq_interval_msec":{"type":"string","description_kind":"plain","optional":true},"sdb_flush_interval":{"type":"string","description_kind":"plain","optional":true},"sdb_pipeline_size":{"type":"string","description_kind":"plain","optional":true},"sdb_scan_count":{"type":"string","description_kind":"plain","optional":true},"se_grp_change_disruptive":{"type":"string","description_kind":"plain","optional":true},"send_se_ready_timeout":{"type":"string","description_kind":"plain","optional":true},"states_flush_interval":{"type":"string","description_kind":"plain","optional":true},"vnic_dhcp_ip_check_interval":{"type":"string","description_kind":"plain","optional":true},"vnic_dhcp_ip_max_retries":{"type":"string","description_kind":"plain","optional":true},"vnic_ip_delete_interval":{"type":"string","description_kind":"plain","optional":true},"vnic_probe_interval":{"type":"string","description_kind":"plain","optional":true},"vnic_rpc_retry_interval":{"type":"string","description_kind":"plain","optional":true},"vnicdb_cmd_history_size":{"type":"string","description_kind":"plain","optional":true}},"block_types":{"seagent_statecache_properties":{"nesting_mode":"set","block":{"attributes":{"sc_batch_buffer_flush_limit":{"type":"string","description_kind":"plain","optional":true},"sc_cfg_q_batch_dequeue_limit":{"type":"string","description_kind":"plain","optional":true},"sc_cfg_q_max_size":{"type":"string","description_kind":"plain","optional":true},"sc_dns_q_batch_dequeue_limit":{"type":"string","description_kind":"plain","optional":true},"sc_dns_q_max_size":{"type":"string","description_kind":"plain","optional":true},"sc_shard_cleanup_max_time":{"type":"string","description_kind":"plain","optional":true},"sc_state_ring_batch_dequeue_limit":{"type":"string","description_kind":"plain","optional":true},"sc_states_flush_interval":{"type":"string","description_kind":"plain","optional":true},"sc_stream_check_interval":{"type":"string","description_kind":"plain","optional":true},"sc_thread_q_batch_dequeue_limit":{"type":"string","description_kind":"plain","optional":true},"sc_thread_q_max_size":{"type":"string","description_kind":"plain","optional":true},"sc_thread_sleep_interval":{"type":"string","description_kind":"plain","optional":true}},"description_kind":"plain"}}},"description_kind":"plain"}},"se_bootup_properties":{"nesting_mode":"set","block":{"attributes":{"docker_backend_portend":{"type":"string","description_kind":"plain","optional":true},"docker_backend_portstart":{"type":"string","description_kind":"plain","optional":true},"fair_queueing_enabled":{"type":"string","description_kind":"plain","optional":true},"geo_db_granularity":{"type":"string","description_kind":"plain","optional":true},"l7_conns_per_core":{"type":"string","description_kind":"plain","optional":true},"l7_resvd_listen_conns_per_core":{"type":"string","description_kind":"plain","optional":true},"log_agent_debug_enabled":{"type":"string","description_kind":"plain","optional":true},"log_agent_trace_enabled":{"type":"string","description_kind":"plain","optional":true},"se_emulated_cores":{"type":"string","description_kind":"plain","optional":true},"se_ip_encap_ipc":{"type":"string","description_kind":"plain","optional":true},"se_l3_encap_ipc":{"type":"string","description_kind":"plain","optional":true},"se_log_buffer_app_blocking_dequeue":{"type":"string","description_kind":"plain","optional":true},"se_log_buffer_applog_size":{"type":"string","description_kind":"plain","optional":true},"se_log_buffer_chunk_count":{"type":"string","description_kind":"plain","optional":true},"se_log_buffer_conn_blocking_dequeue":{"type":"string","description_kind":"plain","optional":true},"se_log_buffer_connlog_size":{"type":"string","description_kind":"plain","optional":true},"se_log_buffer_events_blocking_dequeue":{"type":"string","description_kind":"plain","optional":true},"se_log_buffer_events_size":{"type":"string","description_kind":"plain","optional":true},"ssl_sess_cache_per_vs":{"type":"string","description_kind":"plain","optional":true},"tcp_syncache_hashsize":{"type":"string","description_kind":"plain","optional":true}},"block_types":{"se_dp_compression":{"nesting_mode":"set","block":{"attributes":{"buf_num":{"type":"string","description_kind":"plain","optional":true},"buf_size":{"type":"string","description_kind":"plain","optional":true},"hash_size":{"type":"string","description_kind":"plain","optional":true},"level_aggressive":{"type":"string","description_kind":"plain","optional":true},"level_normal":{"type":"string","description_kind":"plain","optional":true},"window_size":{"type":"string","description_kind":"plain","optional":true}},"description_kind":"plain"}}},"description_kind":"plain"}},"se_runtime_properties":{"nesting_mode":"set","block":{"attributes":{"admin_ssh_enabled":{"type":"string","description_kind":"plain","optional":true},"baremetal_dispatcher_handles_flows":{"type":"string","description_kind":"plain","optional":true},"connections_lossy_log_rate_limiter_threshold":{"type":"string","description_kind":"plain","optional":true},"connections_udfnf_log_rate_limiter_threshold":{"type":"string","description_kind":"plain","optional":true},"disable_flow_probes":{"type":"string","description_kind":"plain","optional":true},"downstream_send_timeout":{"type":"string","description_kind":"plain","optional":true},"dp_aggressive_hb_frequency":{"type":"string","description_kind":"plain","optional":true},"dp_aggressive_hb_timeout_count":{"type":"string","description_kind":"plain","optional":true},"dp_hb_frequency":{"type":"string","description_kind":"plain","optional":true},"dp_hb_timeout_count":{"type":"string","description_kind":"plain","optional":true},"dupip_frequency":{"type":"string","description_kind":"plain","optional":true},"dupip_timeout_count":{"type":"string","description_kind":"plain","optional":true},"enable_hsm_log":{"type":"string","description_kind":"plain","optional":true},"feproxy_vips_enable_proxy_arp":{"type":"string","description_kind":"plain","optional":true},"flow_table_batch_push_frequency":{"type":"string","description_kind":"plain","optional":true},"global_mtu":{"type":"string","description_kind":"plain","optional":true},"http_rum_console_log":{"type":"string","description_kind":"plain","optional":true},"http_rum_min_content_length":{"type":"string","description_kind":"plain","optional":true},"lbaction_num_requests_to_dispatch":{"type":"string","description_kind":"plain","optional":true},"lbaction_rq_per_request_max_retries":{"type":"string","description_kind":"plain","optional":true},"log_agent_compress_logs":{"type":"string","description_kind":"plain","optional":true},"log_agent_file_sz_appl":{"type":"string","description_kind":"plain","optional":true},"log_agent_file_sz_conn":{"type":"string","description_kind":"plain","optional":true},"log_agent_file_sz_debug":{"type":"string","description_kind":"plain","optional":true},"log_agent_file_sz_event":{"type":"string","description_kind":"plain","optional":true},"log_agent_log_storage_min_sz":{"type":"string","description_kind":"plain","optional":true},"log_agent_max_concurrent_rsync":{"type":"string","description_kind":"plain","optional":true},"log_agent_max_storage_excess_percent":{"type":"string","description_kind":"plain","optional":true},"log_agent_max_storage_ignore_percent":{"type":"string","description_kind":"plain","optional":true},"log_agent_min_storage_per_vs":{"type":"string","description_kind":"plain","optional":true},"log_agent_sleep_interval":{"type":"string","description_kind":"plain","optional":true},"log_agent_unknown_vs_timer":{"type":"string","description_kind":"plain","optional":true},"log_message_max_file_list_size":{"type":"string","description_kind":"plain","optional":true},"ngx_free_connection_stack":{"type":"string","description_kind":"plain","optional":true},"persistence_mem_max":{"type":"string","description_kind":"plain","optional":true},"scaleout_udp_per_pkt":{"type":"string","description_kind":"plain","optional":true},"se_auth_ldap_bind_timeout":{"type":"string","description_kind":"plain","optional":true},"se_auth_ldap_cache_size":{"type":"string","description_kind":"plain","optional":true},"se_auth_ldap_connect_timeout":{"type":"string","description_kind":"plain","optional":true},"se_auth_ldap_conns_per_server":{"type":"string","description_kind":"plain","optional":true},"se_auth_ldap_reconnect_timeout":{"type":"string","description_kind":"plain","optional":true},"se_auth_ldap_request_timeout":{"type":"string","description_kind":"plain","optional":true},"se_auth_ldap_servers_failover_only":{"type":"string","description_kind":"plain","optional":true},"se_dp_hm_drops":{"type":"string","description_kind":"plain","optional":true},"se_dp_if_state_poll_interval":{"type":"string","description_kind":"plain","optional":true},"se_dp_log_nf_enqueue_percent":{"type":"string","description_kind":"plain","optional":true},"se_dp_log_udf_enqueue_percent":{"type":"string","description_kind":"plain","optional":true},"se_dump_core_on_assert":{"type":"string","description_kind":"plain","optional":true},"se_handle_interface_routes":{"type":"string","description_kind":"plain","optional":true},"se_hb_persist_fudge_bits":{"type":"string","description_kind":"plain","optional":true},"se_mac_error_threshold_to_disable_promiscious":{"type":"string","description_kind":"plain","optional":true},"se_memory_poison":{"type":"string","description_kind":"plain","optional":true},"se_metrics_interval":{"type":"string","description_kind":"plain","optional":true},"se_metrics_rt_enabled":{"type":"string","description_kind":"plain","optional":true},"se_metrics_rt_interval":{"type":"string","description_kind":"plain","optional":true},"se_packet_buffer_max":{"type":"string","description_kind":"plain","optional":true},"se_random_tcp_drops":{"type":"string","description_kind":"plain","optional":true},"services_accessible_all_interfaces":{"type":"string","description_kind":"plain","optional":true},"tcp_syncache_max_retransmit_default":{"type":"string","description_kind":"plain","optional":true},"upstream_connect_timeout":{"type":"string","description_kind":"plain","optional":true},"upstream_connpool_cache_thresh":{"type":"string","description_kind":"plain","optional":true},"upstream_connpool_conn_idle_thresh_tmo":{"type":"string","description_kind":"plain","optional":true},"upstream_connpool_core_max_cache":{"type":"string","description_kind":"plain","optional":true},"upstream_connpool_enable":{"type":"string","description_kind":"plain","optional":true},"upstream_keepalive":{"type":"string","description_kind":"plain","optional":true},"upstream_read_timeout":{"type":"string","description_kind":"plain","optional":true},"upstream_send_timeout":{"type":"string","description_kind":"plain","optional":true},"user_defined_metric_age":{"type":"string","description_kind":"plain","optional":true}},"block_types":{"app_headers":{"nesting_mode":"list","block":{"attributes":{"hdr_match_case":{"type":"string","description_kind":"plain","required":true},"hdr_name":{"type":"string","description_kind":"plain","required":true},"hdr_string_op":{"type":"string","description_kind":"plain","required":true}},"description_kind":"plain"}},"dos_profile":{"nesting_mode":"set","block":{"attributes":{"thresh_period":{"type":"string","description_kind":"plain","required":true}},"block_types":{"thresh_info":{"nesting_mode":"list","block":{"attributes":{"attack":{"type":"string","description_kind":"plain","required":true},"max_value":{"type":"string","description_kind":"plain","required":true},"min_value":{"type":"string","description_kind":"plain","required":true}},"description_kind":"plain"}}},"description_kind":"plain"}},"se_dp_compression":{"nesting_mode":"set","block":{"attributes":{"max_low_rtt":{"type":"string","description_kind":"plain","optional":true},"min_high_rtt":{"type":"string","description_kind":"plain","optional":true},"min_length":{"type":"string","description_kind":"plain","optional":true},"mobile_str":{"type":["list","string"],"description_kind":"plain","optional":true}},"description_kind":"plain"}},"se_rate_limiters":{"nesting_mode":"set","block":{"attributes":{"arp_rl":{"type":"string","description_kind":"plain","optional":true},"default_rl":{"type":"string","description_kind":"plain","optional":true},"flow_probe_rl":{"type":"string","description_kind":"plain","optional":true},"icmp_rl":{"type":"string","description_kind":"plain","optional":true},"icmp_rsp_rl":{"type":"string","description_kind":"plain","optional":true},"rst_rl":{"type":"string","description_kind":"plain","optional":true}},"description_kind":"plain"}},"service_ip_subnets":{"nesting_mode":"list","block":{"attributes":{"mask":{"type":"string","description_kind":"plain","required":true}},"block_types":{"ip_addr":{"nesting_mode":"set","block":{"attributes":{"addr":{"type":"string","description_kind":"plain","required":true},"type":{"type":"string","description_kind":"plain","required":true}},"description_kind":"plain"},"min_items":1}},"description_kind":"plain"}},"service_port_ranges":{"nesting_mode":"list","block":{"attributes":{"end":{"type":"string","description_kind":"plain","required":true},"start":{"type":"string","description_kind":"plain","required":true}},"description_kind":"plain"}}},"description_kind":"plain"}}},"description_kind":"plain"}},"avi_server":{"version":0,"block":{"attributes":{"autoscaling_group_name":{"type":"string","description_kind":"plain","optional":true,"computed":true},"availability_zone":{"type":"string","description_kind":"plain","optional":true,"computed":true},"description":{"type":"string","description_kind":"plain","optional":true,"computed":true},"enabled":{"type":"string","description_kind":"plain","optional":true},"external_orchestration_id":{"type":"string","description_kind":"plain","optional":true,"computed":true},"external_uuid":{"type":"string","description_kind":"plain","optional":true,"computed":true},"hostname":{"type":"string","description_kind":"plain","optional":true,"computed":true},"id":{"type":"string","description_kind":"plain","optional":true,"computed":true},"ip":{"type":"string","description_kind":"plain","required":true},"mac_address":{"type":"string","description_kind":"plain","optional":true,"computed":true},"nw_ref":{"type":"string","description_kind":"plain","optional":true,"computed":true},"pool_ref":{"type":"string","description_kind":"plain","required":true},"port":{"type":"string","description_kind":"plain","optional":true,"computed":true},"prst_hdr_val":{"type":"string","description_kind":"plain","optional":true,"computed":true},"ratio":{"type":"string","description_kind":"plain","optional":true},"resolve_server_by_dns":{"type":"string","description_kind":"plain","optional":true},"rewrite_host_header":{"type":"string","description_kind":"plain","optional":true},"server_node":{"type":"string","description_kind":"plain","optional":true,"computed":true},"static":{"type":"string","description_kind":"plain","optional":true},"type":{"type":"string","description_kind":"plain","optional":true},"verify_network":{"type":"string","description_kind":"plain","optional":true},"vm_ref":{"type":"string","description_kind":"plain","optional":true,"computed":true}},"block_types":{"discovered_networks":{"nesting_mode":"list","block":{"attributes":{"network_ref":{"type":"string","description_kind":"plain","required":true}},"block_types":{"subnet":{"nesting_mode":"list","block":{"attributes":{"mask":{"type":"string","description_kind":"plain","required":true}},"block_types":{"ip_addr":{"nesting_mode":"set","block":{"attributes":{"addr":{"type":"string","description_kind":"plain","required":true},"type":{"type":"string","description_kind":"plain","required":true}},"description_kind":"plain"},"min_items":1}},"description_kind":"plain"}},"subnet6":{"nesting_mode":"list","block":{"attributes":{"mask":{"type":"string","description_kind":"plain","required":true}},"block_types":{"ip_addr":{"nesting_mode":"set","block":{"attributes":{"addr":{"type":"string","description_kind":"plain","required":true},"type":{"type":"string","description_kind":"plain","required":true}},"description_kind":"plain"},"min_items":1}},"description_kind":"plain"}}},"description_kind":"plain"}},"location":{"nesting_mode":"set","block":{"attributes":{"latitude":{"type":"string","description_kind":"plain","optional":true,"computed":true},"longitude":{"type":"string","description_kind":"plain","optional":true,"computed":true},"name":{"type":"string","description_kind":"plain","optional":true,"computed":true},"tag":{"type":"string","description_kind":"plain","optional":true,"computed":true}},"description_kind":"plain"}}},"description_kind":"plain"}},"avi_serverautoscalepolicy":{"version":0,"block":{"attributes":{"delay_for_server_garbage_collection":{"type":"string","description_kind":"plain","optional":true},"description":{"type":"string","description_kind":"plain","optional":true,"computed":true},"id":{"type":"string","description_kind":"plain","optional":true,"computed":true},"intelligent_autoscale":{"type":"string","description_kind":"plain","optional":true},"intelligent_scalein_margin":{"type":"string","description_kind":"plain","optional":true},"intelligent_scaleout_margin":{"type":"string","description_kind":"plain","optional":true},"max_scalein_adjustment_step":{"type":"string","description_kind":"plain","optional":true},"max_scaleout_adjustment_step":{"type":"string","description_kind":"plain","optional":true},"max_size":{"type":"string","description_kind":"plain","optional":true,"computed":true},"min_size":{"type":"string","description_kind":"plain","optional":true,"computed":true},"name":{"type":"string","description_kind":"plain","required":true},"scalein_alertconfig_refs":{"type":["list","string"],"description_kind":"plain","optional":true},"scalein_cooldown":{"type":"string","description_kind":"plain","optional":true},"scaleout_alertconfig_refs":{"type":["list","string"],"description_kind":"plain","optional":true},"scaleout_cooldown":{"type":"string","description_kind":"plain","optional":true},"tenant_ref":{"type":"string","description_kind":"plain","optional":true,"computed":true},"use_predicted_load":{"type":"string","description_kind":"plain","optional":true},"uuid":{"type":"string","description_kind":"plain","optional":true,"computed":true}},"block_types":{"configpb_attributes":{"nesting_mode":"set","block":{"attributes":{"version":{"type":"string","description_kind":"plain","optional":true,"computed":true}},"description_kind":"plain"}},"markers":{"nesting_mode":"list","block":{"attributes":{"key":{"type":"string","description_kind":"plain","required":true},"values":{"type":["list","string"],"description_kind":"plain","optional":true}},"description_kind":"plain"}},"scheduled_scalings":{"nesting_mode":"list","block":{"attributes":{"autoscaling_duration":{"type":"string","description_kind":"plain","optional":true},"cron_expression":{"type":"string","description_kind":"plain","optional":true,"computed":true},"desired_capacity":{"type":"string","description_kind":"plain","optional":true,"computed":true},"enable":{"type":"string","description_kind":"plain","optional":true},"end_date":{"type":"string","description_kind":"plain","optional":true,"computed":true},"recurrence":{"type":"string","description_kind":"plain","required":true},"schedule_max_step":{"type":"string","description_kind":"plain","optional":true},"start_date":{"type":"string","description_kind":"plain","optional":true,"computed":true}},"description_kind":"plain"}}},"description_kind":"plain"}},"avi_serviceengine":{"version":0,"block":{"attributes":{"availability_zone":{"type":"string","description_kind":"plain","optional":true,"computed":true},"cloud_ref":{"type":"string","description_kind":"plain","optional":true,"computed":true},"container_mode":{"type":"string","description_kind":"plain","optional":true},"container_type":{"type":"string","description_kind":"plain","optional":true},"controller_created":{"type":"string","description_kind":"plain","optional":true},"controller_ip":{"type":"string","description_kind":"plain","optional":true,"computed":true},"enable_state":{"type":"string","description_kind":"plain","optional":true},"flavor":{"type":"string","description_kind":"plain","optional":true,"computed":true},"host_ref":{"type":"string","description_kind":"plain","optional":true,"computed":true},"hypervisor":{"type":"string","description_kind":"plain","optional":true,"computed":true},"id":{"type":"string","description_kind":"plain","optional":true,"computed":true},"name":{"type":"string","description_kind":"plain","optional":true},"se_group_ref":{"type":"string","description_kind":"plain","optional":true,"computed":true},"tenant_ref":{"type":"string","description_kind":"plain","optional":true,"computed":true},"uuid":{"type":"string","description_kind":"plain","optional":true,"computed":true}},"block_types":{"data_vnics":{"nesting_mode":"list","block":{"attributes":{"adapter":{"type":"string","description_kind":"plain","optional":true,"computed":true},"aggregator_chgd":{"type":"string","description_kind":"plain","optional":true},"can_se_dp_takeover":{"type":"string","description_kind":"plain","optional":true},"connected":{"type":"string","description_kind":"plain","optional":true,"computed":true},"del_pending":{"type":"string","description_kind":"plain","optional":true},"delete_vnic":{"type":"string","description_kind":"plain","optional":true},"dhcp_enabled":{"type":"string","description_kind":"plain","optional":true},"dp_deletion_done":{"type":"string","description_kind":"plain","optional":true},"enabled":{"type":"string","description_kind":"plain","optional":true},"if_name":{"type":"string","description_kind":"plain","optional":true,"computed":true},"ip6_autocfg_enabled":{"type":"string","description_kind":"plain","optional":true},"is_asm":{"type":"string","description_kind":"plain","optional":true},"is_avi_internal_network":{"type":"string","description_kind":"plain","optional":true},"is_hsm":{"type":"string","description_kind":"plain","optional":true},"is_mgmt":{"type":"string","description_kind":"plain","optional":true},"is_portchannel":{"type":"string","description_kind":"plain","optional":true},"link_up":{"type":"string","description_kind":"plain","optional":true},"linux_name":{"type":"string","description_kind":"plain","optional":true,"computed":true},"mac_address":{"type":"string","description_kind":"plain","required":true},"mtu":{"type":"string","description_kind":"plain","optional":true},"network_name":{"type":"string","description_kind":"plain","optional":true,"computed":true},"network_ref":{"type":"string","description_kind":"plain","optional":true,"computed":true},"pci_id":{"type":"string","description_kind":"plain","optional":true,"computed":true},"port_uuid":{"type":"string","description_kind":"plain","optional":true,"computed":true},"vlan_id":{"type":"string","description_kind":"plain","optional":true},"vrf_id":{"type":"string","description_kind":"plain","optional":true},"vrf_ref":{"type":"string","description_kind":"plain","optional":true,"computed":true}},"block_types":{"members":{"nesting_mode":"list","block":{"attributes":{"active":{"type":"string","description_kind":"plain","optional":true},"if_name":{"type":"string","description_kind":"plain","required":true},"mac_address":{"type":"string","description_kind":"plain","optional":true,"computed":true}},"description_kind":"plain"}},"vlan_interfaces":{"nesting_mode":"list","block":{"attributes":{"dhcp_enabled":{"type":"string","description_kind":"plain","optional":true,"computed":true},"enabled":{"type":"string","description_kind":"plain","optional":true},"if_name":{"type":"string","description_kind":"plain","required":true},"ip6_autocfg_enabled":{"type":"string","description_kind":"plain","optional":true,"computed":true},"is_mgmt":{"type":"string","description_kind":"plain","optional":true},"vlan_id":{"type":"string","description_kind":"plain","optional":true},"vrf_ref":{"type":"string","description_kind":"plain","optional":true,"computed":true}},"block_types":{"vnic_networks":{"nesting_mode":"list","block":{"attributes":{"ctlr_alloc":{"type":"string","description_kind":"plain","optional":true},"mode":{"type":"string","description_kind":"plain","required":true}},"block_types":{"ip":{"nesting_mode":"set","block":{"attributes":{"mask":{"type":"string","description_kind":"plain","required":true}},"block_types":{"ip_addr":{"nesting_mode":"set","block":{"attributes":{"addr":{"type":"string","description_kind":"plain","required":true},"type":{"type":"string","description_kind":"plain","required":true}},"description_kind":"plain"},"min_items":1}},"description_kind":"plain"},"min_items":1}},"description_kind":"plain"}}},"description_kind":"plain"}},"vnic_networks":{"nesting_mode":"list","block":{"attributes":{"ctlr_alloc":{"type":"string","description_kind":"plain","optional":true},"mode":{"type":"string","description_kind":"plain","required":true}},"block_types":{"ip":{"nesting_mode":"set","block":{"attributes":{"mask":{"type":"string","description_kind":"plain","required":true}},"block_types":{"ip_addr":{"nesting_mode":"set","block":{"attributes":{"addr":{"type":"string","description_kind":"plain","required":true},"type":{"type":"string","description_kind":"plain","required":true}},"description_kind":"plain"},"min_items":1}},"description_kind":"plain"},"min_items":1}},"description_kind":"plain"}}},"description_kind":"plain"}},"mgmt_vnic":{"nesting_mode":"set","block":{"attributes":{"adapter":{"type":"string","description_kind":"plain","optional":true,"computed":true},"aggregator_chgd":{"type":"string","description_kind":"plain","optional":true},"can_se_dp_takeover":{"type":"string","description_kind":"plain","optional":true},"connected":{"type":"string","description_kind":"plain","optional":true,"computed":true},"del_pending":{"type":"string","description_kind":"plain","optional":true},"delete_vnic":{"type":"string","description_kind":"plain","optional":true},"dhcp_enabled":{"type":"string","description_kind":"plain","optional":true},"dp_deletion_done":{"type":"string","description_kind":"plain","optional":true},"enabled":{"type":"string","description_kind":"plain","optional":true},"if_name":{"type":"string","description_kind":"plain","optional":true,"computed":true},"ip6_autocfg_enabled":{"type":"string","description_kind":"plain","optional":true},"is_asm":{"type":"string","description_kind":"plain","optional":true},"is_avi_internal_network":{"type":"string","description_kind":"plain","optional":true},"is_hsm":{"type":"string","description_kind":"plain","optional":true},"is_mgmt":{"type":"string","description_kind":"plain","optional":true},"is_portchannel":{"type":"string","description_kind":"plain","optional":true},"link_up":{"type":"string","description_kind":"plain","optional":true},"linux_name":{"type":"string","description_kind":"plain","optional":true,"computed":true},"mac_address":{"type":"string","description_kind":"plain","required":true},"mtu":{"type":"string","description_kind":"plain","optional":true},"network_name":{"type":"string","description_kind":"plain","optional":true,"computed":true},"network_ref":{"type":"string","description_kind":"plain","optional":true,"computed":true},"pci_id":{"type":"string","description_kind":"plain","optional":true,"computed":true},"port_uuid":{"type":"string","description_kind":"plain","optional":true,"computed":true},"vlan_id":{"type":"string","description_kind":"plain","optional":true},"vrf_id":{"type":"string","description_kind":"plain","optional":true},"vrf_ref":{"type":"string","description_kind":"plain","optional":true,"computed":true}},"block_types":{"members":{"nesting_mode":"list","block":{"attributes":{"active":{"type":"string","description_kind":"plain","optional":true},"if_name":{"type":"string","description_kind":"plain","required":true},"mac_address":{"type":"string","description_kind":"plain","optional":true,"computed":true}},"description_kind":"plain"}},"vlan_interfaces":{"nesting_mode":"list","block":{"attributes":{"dhcp_enabled":{"type":"string","description_kind":"plain","optional":true,"computed":true},"enabled":{"type":"string","description_kind":"plain","optional":true},"if_name":{"type":"string","description_kind":"plain","required":true},"ip6_autocfg_enabled":{"type":"string","description_kind":"plain","optional":true,"computed":true},"is_mgmt":{"type":"string","description_kind":"plain","optional":true},"vlan_id":{"type":"string","description_kind":"plain","optional":true},"vrf_ref":{"type":"string","description_kind":"plain","optional":true,"computed":true}},"block_types":{"vnic_networks":{"nesting_mode":"list","block":{"attributes":{"ctlr_alloc":{"type":"string","description_kind":"plain","optional":true},"mode":{"type":"string","description_kind":"plain","required":true}},"block_types":{"ip":{"nesting_mode":"set","block":{"attributes":{"mask":{"type":"string","description_kind":"plain","required":true}},"block_types":{"ip_addr":{"nesting_mode":"set","block":{"attributes":{"addr":{"type":"string","description_kind":"plain","required":true},"type":{"type":"string","description_kind":"plain","required":true}},"description_kind":"plain"},"min_items":1}},"description_kind":"plain"},"min_items":1}},"description_kind":"plain"}}},"description_kind":"plain"}},"vnic_networks":{"nesting_mode":"list","block":{"attributes":{"ctlr_alloc":{"type":"string","description_kind":"plain","optional":true},"mode":{"type":"string","description_kind":"plain","required":true}},"block_types":{"ip":{"nesting_mode":"set","block":{"attributes":{"mask":{"type":"string","description_kind":"plain","required":true}},"block_types":{"ip_addr":{"nesting_mode":"set","block":{"attributes":{"addr":{"type":"string","description_kind":"plain","required":true},"type":{"type":"string","description_kind":"plain","required":true}},"description_kind":"plain"},"min_items":1}},"description_kind":"plain"},"min_items":1}},"description_kind":"plain"}}},"description_kind":"plain"}},"resources":{"nesting_mode":"set","block":{"attributes":{"cores_per_socket":{"type":"string","description_kind":"plain","optional":true,"computed":true},"disk":{"type":"string","description_kind":"plain","required":true},"hyper_threading":{"type":"string","description_kind":"plain","optional":true,"computed":true},"hypervisor_mode":{"type":"string","description_kind":"plain","optional":true,"computed":true},"memory":{"type":"string","description_kind":"plain","required":true},"num_datapath_processes":{"type":"string","description_kind":"plain","optional":true,"computed":true},"num_vcpus":{"type":"string","description_kind":"plain","required":true},"sockets":{"type":"string","description_kind":"plain","optional":true,"computed":true}},"description_kind":"plain"}}},"description_kind":"plain"}},"avi_serviceenginegroup":{"version":0,"block":{"attributes":{"accelerated_networking":{"type":"string","description_kind":"plain","optional":true,"computed":true},"active_standby":{"type":"string","description_kind":"plain","optional":true},"aggressive_failure_detection":{"type":"string","description_kind":"plain","optional":true},"algo":{"type":"string","description_kind":"plain","optional":true},"allow_burst":{"type":"string","description_kind":"plain","optional":true,"computed":true},"app_cache_percent":{"type":"string","description_kind":"plain","optional":true},"app_cache_threshold":{"type":"string","description_kind":"plain","optional":true},"app_learning_memory_percent":{"type":"string","description_kind":"plain","optional":true},"archive_shm_limit":{"type":"string","description_kind":"plain","optional":true},"async_ssl":{"type":"string","description_kind":"plain","optional":true},"async_ssl_threads":{"type":"string","description_kind":"plain","optional":true},"auto_rebalance":{"type":"string","description_kind":"plain","optional":true},"auto_rebalance_capacity_per_se":{"type":["list","number"],"description_kind":"plain","optional":true},"auto_rebalance_criteria":{"type":["list","string"],"description_kind":"plain","optional":true},"auto_rebalance_interval":{"type":"string","description_kind":"plain","optional":true},"auto_redistribute_active_standby_load":{"type":"string","description_kind":"plain","optional":true},"availability_zone_refs":{"type":["list","string"],"description_kind":"plain","optional":true},"bgp_state_update_interval":{"type":"string","description_kind":"plain","optional":true},"buffer_se":{"type":"string","description_kind":"plain","optional":true},"cloud_ref":{"type":"string","description_kind":"plain","optional":true,"computed":true},"compress_ip_rules_for_each_ns_subnet":{"type":"string","description_kind":"plain","optional":true},"config_debugs_on_all_cores":{"type":"string","description_kind":"plain","optional":true},"connection_memory_percentage":{"type":"string","description_kind":"plain","optional":true},"core_shm_app_cache":{"type":"string","description_kind":"plain","optional":true},"core_shm_app_learning":{"type":"string","description_kind":"plain","optional":true},"cpu_reserve":{"type":"string","description_kind":"plain","optional":true},"cpu_socket_affinity":{"type":"string","description_kind":"plain","optional":true},"custom_securitygroups_data":{"type":["list","string"],"description_kind":"plain","optional":true},"custom_securitygroups_mgmt":{"type":["list","string"],"description_kind":"plain","optional":true},"data_network_id":{"type":"string","description_kind":"plain","optional":true,"computed":true},"datascript_timeout":{"type":"string","description_kind":"plain","optional":true},"deactivate_ipv6_discovery":{"type":"string","description_kind":"plain","optional":true,"computed":true},"dedicated_dispatcher_core":{"type":"string","description_kind":"plain","optional":true},"description":{"type":"string","description_kind":"plain","optional":true,"computed":true},"disable_avi_securitygroups":{"type":"string","description_kind":"plain","optional":true},"disable_csum_offloads":{"type":"string","description_kind":"plain","optional":true},"disable_flow_probes":{"type":"string","description_kind":"plain","optional":true},"disable_gro":{"type":"string","description_kind":"plain","optional":true},"disable_se_memory_check":{"type":"string","description_kind":"plain","optional":true},"disable_tso":{"type":"string","description_kind":"plain","optional":true},"disk_per_se":{"type":"string","description_kind":"plain","optional":true},"distribute_load_active_standby":{"type":"string","description_kind":"plain","optional":true},"distribute_queues":{"type":"string","description_kind":"plain","optional":true},"distribute_vnics":{"type":"string","description_kind":"plain","optional":true},"downstream_send_timeout":{"type":"string","description_kind":"plain","optional":true},"dp_aggressive_deq_interval_msec":{"type":"string","description_kind":"plain","optional":true},"dp_aggressive_enq_interval_msec":{"type":"string","description_kind":"plain","optional":true},"dp_aggressive_hb_frequency":{"type":"string","description_kind":"plain","optional":true},"dp_aggressive_hb_timeout_count":{"type":"string","description_kind":"plain","optional":true},"dp_deq_interval_msec":{"type":"string","description_kind":"plain","optional":true},"dp_enq_interval_msec":{"type":"string","description_kind":"plain","optional":true},"dp_hb_frequency":{"type":"string","description_kind":"plain","optional":true},"dp_hb_timeout_count":{"type":"string","description_kind":"plain","optional":true},"enable_gratarp_permanent":{"type":"string","description_kind":"plain","optional":true},"enable_hsm_log":{"type":"string","description_kind":"plain","optional":true},"enable_hsm_priming":{"type":"string","description_kind":"plain","optional":true},"enable_multi_lb":{"type":"string","description_kind":"plain","optional":true},"enable_pcap_tx_ring":{"type":"string","description_kind":"plain","optional":true,"computed":true},"ephemeral_portrange_end":{"type":"string","description_kind":"plain","optional":true,"computed":true},"ephemeral_portrange_start":{"type":"string","description_kind":"plain","optional":true,"computed":true},"extra_config_multiplier":{"type":"string","description_kind":"plain","optional":true},"extra_shared_config_memory":{"type":"string","description_kind":"plain","optional":true},"flow_table_new_syn_max_entries":{"type":"string","description_kind":"plain","optional":true},"free_list_size":{"type":"string","description_kind":"plain","optional":true},"gratarp_permanent_periodicity":{"type":"string","description_kind":"plain","optional":true},"ha_mode":{"type":"string","description_kind":"plain","optional":true},"handle_per_pkt_attack":{"type":"string","description_kind":"plain","optional":true},"hardwaresecuritymodulegroup_ref":{"type":"string","description_kind":"plain","optional":true,"computed":true},"heap_minimum_config_memory":{"type":"string","description_kind":"plain","optional":true},"hm_on_standby":{"type":"string","description_kind":"plain","optional":true},"host_attribute_key":{"type":"string","description_kind":"plain","optional":true,"computed":true},"host_attribute_value":{"type":"string","description_kind":"plain","optional":true,"computed":true},"host_gateway_monitor":{"type":"string","description_kind":"plain","optional":true},"http_rum_console_log":{"type":"string","description_kind":"plain","optional":true},"http_rum_min_content_length":{"type":"string","description_kind":"plain","optional":true},"hypervisor":{"type":"string","description_kind":"plain","optional":true,"computed":true},"id":{"type":"string","description_kind":"plain","optional":true,"computed":true},"ignore_rtt_threshold":{"type":"string","description_kind":"plain","optional":true},"ingress_access_data":{"type":"string","description_kind":"plain","optional":true},"ingress_access_mgmt":{"type":"string","description_kind":"plain","optional":true},"instance_flavor":{"type":"string","description_kind":"plain","optional":true,"computed":true},"l7_conns_per_core":{"type":"string","description_kind":"plain","optional":true},"l7_resvd_listen_conns_per_core":{"type":"string","description_kind":"plain","optional":true},"lbaction_num_requests_to_dispatch":{"type":"string","description_kind":"plain","optional":true},"lbaction_rq_per_request_max_retries":{"type":"string","description_kind":"plain","optional":true},"least_load_core_selection":{"type":"string","description_kind":"plain","optional":true},"license_tier":{"type":"string","description_kind":"plain","optional":true,"computed":true},"license_type":{"type":"string","description_kind":"plain","optional":true,"computed":true},"log_agent_compress_logs":{"type":"string","description_kind":"plain","optional":true},"log_agent_debug_enabled":{"type":"string","description_kind":"plain","optional":true},"log_agent_file_sz_appl":{"type":"string","description_kind":"plain","optional":true},"log_agent_file_sz_conn":{"type":"string","description_kind":"plain","optional":true},"log_agent_file_sz_debug":{"type":"string","description_kind":"plain","optional":true},"log_agent_file_sz_event":{"type":"string","description_kind":"plain","optional":true},"log_agent_log_storage_min_sz":{"type":"string","description_kind":"plain","optional":true},"log_agent_max_concurrent_rsync":{"type":"string","description_kind":"plain","optional":true},"log_agent_max_storage_excess_percent":{"type":"string","description_kind":"plain","optional":true},"log_agent_max_storage_ignore_percent":{"type":"string","description_kind":"plain","optional":true},"log_agent_min_storage_per_vs":{"type":"string","description_kind":"plain","optional":true},"log_agent_sleep_interval":{"type":"string","description_kind":"plain","optional":true},"log_agent_trace_enabled":{"type":"string","description_kind":"plain","optional":true},"log_agent_unknown_vs_timer":{"type":"string","description_kind":"plain","optional":true},"log_disksz":{"type":"string","description_kind":"plain","optional":true},"log_malloc_failure":{"type":"string","description_kind":"plain","optional":true},"log_message_max_file_list_size":{"type":"string","description_kind":"plain","optional":true},"max_concurrent_external_hm":{"type":"string","description_kind":"plain","optional":true,"computed":true},"max_cpu_usage":{"type":"string","description_kind":"plain","optional":true},"max_memory_per_mempool":{"type":"string","description_kind":"plain","optional":true},"max_num_se_dps":{"type":"string","description_kind":"plain","optional":true,"computed":true},"max_public_ips_per_lb":{"type":"string","description_kind":"plain","optional":true},"max_queues_per_vnic":{"type":"string","description_kind":"plain","optional":true},"max_rules_per_lb":{"type":"string","description_kind":"plain","optional":true},"max_scaleout_per_vs":{"type":"string","description_kind":"plain","optional":true},"max_se":{"type":"string","description_kind":"plain","optional":true},"max_vs_per_se":{"type":"string","description_kind":"plain","optional":true},"mem_reserve":{"type":"string","description_kind":"plain","optional":true},"memory_for_config_update":{"type":"string","description_kind":"plain","optional":true},"memory_per_se":{"type":"string","description_kind":"plain","optional":true},"mgmt_network_ref":{"type":"string","description_kind":"plain","optional":true,"computed":true},"min_cpu_usage":{"type":"string","description_kind":"plain","optional":true},"min_scaleout_per_vs":{"type":"string","description_kind":"plain","optional":true},"min_se":{"type":"string","description_kind":"plain","optional":true},"minimum_connection_memory":{"type":"string","description_kind":"plain","optional":true},"n_log_streaming_threads":{"type":"string","description_kind":"plain","optional":true},"name":{"type":"string","description_kind":"plain","required":true},"netlink_poller_threads":{"type":"string","description_kind":"plain","optional":true},"netlink_sock_buf_size":{"type":"string","description_kind":"plain","optional":true},"ngx_free_connection_stack":{"type":"string","description_kind":"plain","optional":true},"non_significant_log_throttle":{"type":"string","description_kind":"plain","optional":true},"ns_helper_deq_interval_msec":{"type":"string","description_kind":"plain","optional":true},"num_dispatcher_cores":{"type":"string","description_kind":"plain","optional":true},"num_flow_cores_sum_changes_to_ignore":{"type":"string","description_kind":"plain","optional":true},"objsync_port":{"type":"string","description_kind":"plain","optional":true},"openstack_availability_zones":{"type":["list","string"],"description_kind":"plain","optional":true},"openstack_mgmt_network_name":{"type":"string","description_kind":"plain","optional":true,"computed":true},"openstack_mgmt_network_uuid":{"type":"string","description_kind":"plain","optional":true,"computed":true},"os_reserved_memory":{"type":"string","description_kind":"plain","optional":true},"pcap_tx_mode":{"type":"string","description_kind":"plain","optional":true},"pcap_tx_ring_rd_balancing_factor":{"type":"string","description_kind":"plain","optional":true},"per_app":{"type":"string","description_kind":"plain","optional":true},"per_vs_admission_control":{"type":"string","description_kind":"plain","optional":true},"placement_mode":{"type":"string","description_kind":"plain","optional":true},"reboot_on_panic":{"type":"string","description_kind":"plain","optional":true},"resync_time_interval":{"type":"string","description_kind":"plain","optional":true},"sdb_flush_interval":{"type":"string","description_kind":"plain","optional":true},"sdb_pipeline_size":{"type":"string","description_kind":"plain","optional":true},"sdb_scan_count":{"type":"string","description_kind":"plain","optional":true},"se_bandwidth_type":{"type":"string","description_kind":"plain","optional":true,"computed":true},"se_delayed_flow_delete":{"type":"string","description_kind":"plain","optional":true},"se_deprovision_delay":{"type":"string","description_kind":"plain","optional":true},"se_dp_hm_drops":{"type":"string","description_kind":"plain","optional":true},"se_dp_isolation":{"type":"string","description_kind":"plain","optional":true},"se_dp_isolation_num_non_dp_cpus":{"type":"string","description_kind":"plain","optional":true},"se_dp_log_nf_enqueue_percent":{"type":"string","description_kind":"plain","optional":true},"se_dp_log_udf_enqueue_percent":{"type":"string","description_kind":"plain","optional":true},"se_dp_max_hb_version":{"type":"string","description_kind":"plain","optional":true},"se_dp_vnic_queue_stall_event_sleep":{"type":"string","description_kind":"plain","optional":true},"se_dp_vnic_queue_stall_threshold":{"type":"string","description_kind":"plain","optional":true},"se_dp_vnic_queue_stall_timeout":{"type":"string","description_kind":"plain","optional":true},"se_dp_vnic_restart_on_queue_stall_count":{"type":"string","description_kind":"plain","optional":true},"se_dp_vnic_stall_se_restart_window":{"type":"string","description_kind":"plain","optional":true},"se_dpdk_pmd":{"type":"string","description_kind":"plain","optional":true},"se_flow_probe_retries":{"type":"string","description_kind":"plain","optional":true},"se_flow_probe_retry_timer":{"type":"string","description_kind":"plain","optional":true},"se_hyperthreaded_mode":{"type":"string","description_kind":"plain","optional":true},"se_ip_encap_ipc":{"type":"string","description_kind":"plain","optional":true},"se_kni_burst_factor":{"type":"string","description_kind":"plain","optional":true},"se_l3_encap_ipc":{"type":"string","description_kind":"plain","optional":true},"se_log_buffer_app_blocking_dequeue":{"type":"string","description_kind":"plain","optional":true},"se_log_buffer_conn_blocking_dequeue":{"type":"string","description_kind":"plain","optional":true},"se_log_buffer_events_blocking_dequeue":{"type":"string","description_kind":"plain","optional":true},"se_lro":{"type":"string","description_kind":"plain","optional":true},"se_mp_ring_retry_count":{"type":"string","description_kind":"plain","optional":true},"se_mtu":{"type":"string","description_kind":"plain","optional":true,"computed":true},"se_name_prefix":{"type":"string","description_kind":"plain","optional":true},"se_pcap_lookahead":{"type":"string","description_kind":"plain","optional":true},"se_pcap_pkt_count":{"type":"string","description_kind":"plain","optional":true},"se_pcap_pkt_sz":{"type":"string","description_kind":"plain","optional":true},"se_pcap_qdisc_bypass":{"type":"string","description_kind":"plain","optional":true},"se_pcap_reinit_frequency":{"type":"string","description_kind":"plain","optional":true},"se_pcap_reinit_threshold":{"type":"string","description_kind":"plain","optional":true},"se_probe_port":{"type":"string","description_kind":"plain","optional":true},"se_rum_sampling_nav_interval":{"type":"string","description_kind":"plain","optional":true},"se_rum_sampling_nav_percent":{"type":"string","description_kind":"plain","optional":true},"se_rum_sampling_res_interval":{"type":"string","description_kind":"plain","optional":true},"se_rum_sampling_res_percent":{"type":"string","description_kind":"plain","optional":true},"se_sb_dedicated_core":{"type":"string","description_kind":"plain","optional":true},"se_sb_threads":{"type":"string","description_kind":"plain","optional":true},"se_thread_multiplier":{"type":"string","description_kind":"plain","optional":true},"se_tunnel_mode":{"type":"string","description_kind":"plain","optional":true},"se_tunnel_udp_port":{"type":"string","description_kind":"plain","optional":true},"se_tx_batch_size":{"type":"string","description_kind":"plain","optional":true},"se_txq_threshold":{"type":"string","description_kind":"plain","optional":true},"se_udp_encap_ipc":{"type":"string","description_kind":"plain","optional":true},"se_use_dpdk":{"type":"string","description_kind":"plain","optional":true},"se_vnic_tx_sw_queue_flush_frequency":{"type":"string","description_kind":"plain","optional":true},"se_vnic_tx_sw_queue_size":{"type":"string","description_kind":"plain","optional":true},"se_vs_hb_max_pkts_in_batch":{"type":"string","description_kind":"plain","optional":true},"se_vs_hb_max_vs_in_pkt":{"type":"string","description_kind":"plain","optional":true},"self_se_election":{"type":"string","description_kind":"plain","optional":true},"send_se_ready_timeout":{"type":"string","description_kind":"plain","optional":true},"shm_minimum_config_memory":{"type":"string","description_kind":"plain","optional":true},"significant_log_throttle":{"type":"string","description_kind":"plain","optional":true},"ssl_preprocess_sni_hostname":{"type":"string","description_kind":"plain","optional":true},"ssl_sess_cache_per_vs":{"type":"string","description_kind":"plain","optional":true},"tenant_ref":{"type":"string","description_kind":"plain","optional":true,"computed":true},"transient_shared_memory_max":{"type":"string","description_kind":"plain","optional":true},"udf_log_throttle":{"type":"string","description_kind":"plain","optional":true},"upstream_connect_timeout":{"type":"string","description_kind":"plain","optional":true},"upstream_connpool_enable":{"type":"string","description_kind":"plain","optional":true},"upstream_read_timeout":{"type":"string","description_kind":"plain","optional":true},"upstream_send_timeout":{"type":"string","description_kind":"plain","optional":true},"use_hyperthreaded_cores":{"type":"string","description_kind":"plain","optional":true},"use_legacy_netlink":{"type":"string","description_kind":"plain","optional":true},"use_objsync":{"type":"string","description_kind":"plain","optional":true},"use_standard_alb":{"type":"string","description_kind":"plain","optional":true,"computed":true},"user_defined_metric_age":{"type":"string","description_kind":"plain","optional":true},"uuid":{"type":"string","description_kind":"plain","optional":true,"computed":true},"vcenter_datastore_mode":{"type":"string","description_kind":"plain","optional":true},"vcenter_datastores_include":{"type":"string","description_kind":"plain","optional":true},"vcenter_folder":{"type":"string","description_kind":"plain","optional":true},"vcpus_per_se":{"type":"string","description_kind":"plain","optional":true},"vnic_dhcp_ip_check_interval":{"type":"string","description_kind":"plain","optional":true},"vnic_dhcp_ip_max_retries":{"type":"string","description_kind":"plain","optional":true},"vnic_ip_delete_interval":{"type":"string","description_kind":"plain","optional":true},"vnic_probe_interval":{"type":"string","description_kind":"plain","optional":true},"vnic_rpc_retry_interval":{"type":"string","description_kind":"plain","optional":true},"vnicdb_cmd_history_size":{"type":"string","description_kind":"plain","optional":true},"vs_host_redundancy":{"type":"string","description_kind":"plain","optional":true},"vs_scalein_timeout":{"type":"string","description_kind":"plain","optional":true},"vs_scalein_timeout_for_upgrade":{"type":"string","description_kind":"plain","optional":true},"vs_scaleout_timeout":{"type":"string","description_kind":"plain","optional":true},"vs_se_scaleout_additional_wait_time":{"type":"string","description_kind":"plain","optional":true},"vs_se_scaleout_ready_timeout":{"type":"string","description_kind":"plain","optional":true},"vs_switchover_timeout":{"type":"string","description_kind":"plain","optional":true},"vss_placement_enabled":{"type":"string","description_kind":"plain","optional":true},"waf_mempool":{"type":"string","description_kind":"plain","optional":true},"waf_mempool_size":{"type":"string","description_kind":"plain","optional":true}},"block_types":{"configpb_attributes":{"nesting_mode":"set","block":{"attributes":{"version":{"type":"string","description_kind":"plain","optional":true,"computed":true}},"description_kind":"plain"}},"custom_tag":{"nesting_mode":"list","block":{"attributes":{"tag_key":{"type":"string","description_kind":"plain","required":true},"tag_val":{"type":"string","description_kind":"plain","optional":true,"computed":true}},"description_kind":"plain"}},"gcp_config":{"nesting_mode":"set","block":{"attributes":{"backend_data_vpc_network_name":{"type":"string","description_kind":"plain","optional":true,"computed":true},"backend_data_vpc_project_id":{"type":"string","description_kind":"plain","optional":true,"computed":true},"backend_data_vpc_subnet_name":{"type":"string","description_kind":"plain","optional":true,"computed":true}},"description_kind":"plain"}},"instance_flavor_info":{"nesting_mode":"set","block":{"attributes":{"cost":{"type":"string","description_kind":"plain","optional":true,"computed":true},"disk_gb":{"type":"string","description_kind":"plain","optional":true,"computed":true},"enhanced_nw":{"type":"string","description_kind":"plain","optional":true,"computed":true},"id":{"type":"string","description_kind":"plain","required":true},"is_recommended":{"type":"string","description_kind":"plain","optional":true,"computed":true},"max_ip6s_per_nic":{"type":"string","description_kind":"plain","optional":true,"computed":true},"max_ips_per_nic":{"type":"string","description_kind":"plain","optional":true,"computed":true},"max_nics":{"type":"string","description_kind":"plain","optional":true,"computed":true},"name":{"type":"string","description_kind":"plain","required":true},"public":{"type":"string","description_kind":"plain","optional":true},"ram_mb":{"type":"string","description_kind":"plain","optional":true,"computed":true},"vcpus":{"type":"string","description_kind":"plain","optional":true,"computed":true}},"block_types":{"meta":{"nesting_mode":"list","block":{"attributes":{"key":{"type":"string","description_kind":"plain","required":true},"value":{"type":"string","description_kind":"plain","required":true}},"description_kind":"plain"}}},"description_kind":"plain"}},"iptables":{"nesting_mode":"list","block":{"attributes":{"chain":{"type":"string","description_kind":"plain","required":true},"table":{"type":"string","description_kind":"plain","required":true}},"block_types":{"rules":{"nesting_mode":"list","block":{"attributes":{"action":{"type":"string","description_kind":"plain","required":true},"input_interface":{"type":"string","description_kind":"plain","optional":true,"computed":true},"output_interface":{"type":"string","description_kind":"plain","optional":true,"computed":true},"proto":{"type":"string","description_kind":"plain","optional":true,"computed":true},"tag":{"type":"string","description_kind":"plain","optional":true,"computed":true}},"block_types":{"dnat_ip":{"nesting_mode":"set","block":{"attributes":{"addr":{"type":"string","description_kind":"plain","required":true},"type":{"type":"string","description_kind":"plain","required":true}},"description_kind":"plain"}},"dst_ip":{"nesting_mode":"set","block":{"attributes":{"mask":{"type":"string","description_kind":"plain","required":true}},"block_types":{"ip_addr":{"nesting_mode":"set","block":{"attributes":{"addr":{"type":"string","description_kind":"plain","required":true},"type":{"type":"string","description_kind":"plain","required":true}},"description_kind":"plain"},"min_items":1}},"description_kind":"plain"}},"dst_port":{"nesting_mode":"set","block":{"attributes":{"end":{"type":"string","description_kind":"plain","required":true},"start":{"type":"string","description_kind":"plain","required":true}},"description_kind":"plain"}},"src_ip":{"nesting_mode":"set","block":{"attributes":{"mask":{"type":"string","description_kind":"plain","required":true}},"block_types":{"ip_addr":{"nesting_mode":"set","block":{"attributes":{"addr":{"type":"string","description_kind":"plain","required":true},"type":{"type":"string","description_kind":"plain","required":true}},"description_kind":"plain"},"min_items":1}},"description_kind":"plain"}},"src_port":{"nesting_mode":"set","block":{"attributes":{"end":{"type":"string","description_kind":"plain","required":true},"start":{"type":"string","description_kind":"plain","required":true}},"description_kind":"plain"}}},"description_kind":"plain"}}},"description_kind":"plain"}},"labels":{"nesting_mode":"list","block":{"attributes":{"key":{"type":"string","description_kind":"plain","required":true},"value":{"type":"string","description_kind":"plain","optional":true,"computed":true}},"description_kind":"plain"}},"markers":{"nesting_mode":"list","block":{"attributes":{"key":{"type":"string","description_kind":"plain","required":true},"values":{"type":["list","string"],"description_kind":"plain","optional":true}},"description_kind":"plain"}},"mgmt_subnet":{"nesting_mode":"set","block":{"attributes":{"mask":{"type":"string","description_kind":"plain","required":true}},"block_types":{"ip_addr":{"nesting_mode":"set","block":{"attributes":{"addr":{"type":"string","description_kind":"plain","required":true},"type":{"type":"string","description_kind":"plain","required":true}},"description_kind":"plain"},"min_items":1}},"description_kind":"plain"}},"objsync_config":{"nesting_mode":"set","block":{"attributes":{"objsync_cpu_limit":{"type":"string","description_kind":"plain","optional":true},"objsync_hub_elect_interval":{"type":"string","description_kind":"plain","optional":true},"objsync_reconcile_interval":{"type":"string","description_kind":"plain","optional":true}},"description_kind":"plain"}},"realtime_se_metrics":{"nesting_mode":"set","block":{"attributes":{"duration":{"type":"string","description_kind":"plain","optional":true},"enabled":{"type":"string","description_kind":"plain","required":true}},"description_kind":"plain"}},"se_dos_profile":{"nesting_mode":"set","block":{"attributes":{"thresh_period":{"type":"string","description_kind":"plain","required":true}},"block_types":{"thresh_info":{"nesting_mode":"list","block":{"attributes":{"attack":{"type":"string","description_kind":"plain","required":true},"max_value":{"type":"string","description_kind":"plain","required":true},"min_value":{"type":"string","description_kind":"plain","required":true}},"description_kind":"plain"}}},"description_kind":"plain"}},"se_group_analytics_policy":{"nesting_mode":"set","block":{"block_types":{"metrics_event_thresholds":{"nesting_mode":"list","block":{"attributes":{"metrics_event_threshold_type":{"type":"string","description_kind":"plain","required":true},"reset_threshold":{"type":"string","description_kind":"plain","optional":true,"computed":true},"watermark_thresholds":{"type":["list","number"],"description_kind":"plain","optional":true}},"description_kind":"plain"}}},"description_kind":"plain"}},"se_rl_prop":{"nesting_mode":"set","block":{"attributes":{"msf_num_stages":{"type":"string","description_kind":"plain","optional":true},"msf_stage_size":{"type":"string","description_kind":"plain","optional":true}},"description_kind":"plain"}},"se_tracert_port_range":{"nesting_mode":"set","block":{"attributes":{"end":{"type":"string","description_kind":"plain","required":true},"start":{"type":"string","description_kind":"plain","required":true}},"description_kind":"plain"}},"service_ip6_subnets":{"nesting_mode":"list","block":{"attributes":{"mask":{"type":"string","description_kind":"plain","required":true}},"block_types":{"ip_addr":{"nesting_mode":"set","block":{"attributes":{"addr":{"type":"string","description_kind":"plain","required":true},"type":{"type":"string","description_kind":"plain","required":true}},"description_kind":"plain"},"min_items":1}},"description_kind":"plain"}},"service_ip_subnets":{"nesting_mode":"list","block":{"attributes":{"mask":{"type":"string","description_kind":"plain","required":true}},"block_types":{"ip_addr":{"nesting_mode":"set","block":{"attributes":{"addr":{"type":"string","description_kind":"plain","required":true},"type":{"type":"string","description_kind":"plain","required":true}},"description_kind":"plain"},"min_items":1}},"description_kind":"plain"}},"user_agent_cache_config":{"nesting_mode":"set","block":{"attributes":{"batch_size":{"type":"string","description_kind":"plain","optional":true},"controller_cache_size":{"type":"string","description_kind":"plain","optional":true},"max_upstream_queries":{"type":"string","description_kind":"plain","optional":true},"max_wait_time":{"type":"string","description_kind":"plain","optional":true},"num_entries_upstream_update":{"type":"string","description_kind":"plain","optional":true},"percent_reserved_for_bad_bots":{"type":"string","description_kind":"plain","optional":true},"percent_reserved_for_browsers":{"type":"string","description_kind":"plain","optional":true},"percent_reserved_for_good_bots":{"type":"string","description_kind":"plain","optional":true},"percent_reserved_for_outstanding":{"type":"string","description_kind":"plain","optional":true},"se_cache_size":{"type":"string","description_kind":"plain","optional":true},"upstream_update_interval":{"type":"string","description_kind":"plain","optional":true}},"description_kind":"plain"}},"vcenter_clusters":{"nesting_mode":"set","block":{"attributes":{"cluster_refs":{"type":["list","string"],"description_kind":"plain","optional":true},"include":{"type":"string","description_kind":"plain","optional":true}},"description_kind":"plain"}},"vcenter_datastores":{"nesting_mode":"list","block":{"attributes":{"datastore_name":{"type":"string","description_kind":"plain","required":true}},"description_kind":"plain"}},"vcenter_hosts":{"nesting_mode":"set","block":{"attributes":{"host_refs":{"type":["list","string"],"description_kind":"plain","optional":true},"include":{"type":"string","description_kind":"plain","optional":true}},"description_kind":"plain"}},"vcenters":{"nesting_mode":"list","block":{"attributes":{"vcenter_folder":{"type":"string","description_kind":"plain","optional":true,"computed":true},"vcenter_ref":{"type":"string","description_kind":"plain","required":true}},"block_types":{"nsxt_clusters":{"nesting_mode":"set","block":{"attributes":{"cluster_ids":{"type":["list","string"],"description_kind":"plain","optional":true},"include":{"type":"string","description_kind":"plain","optional":true}},"description_kind":"plain"}},"nsxt_datastores":{"nesting_mode":"set","block":{"attributes":{"ds_ids":{"type":["list","string"],"description_kind":"plain","optional":true},"include":{"type":"string","description_kind":"plain","optional":true}},"description_kind":"plain"}},"nsxt_hosts":{"nesting_mode":"set","block":{"attributes":{"host_ids":{"type":["list","string"],"description_kind":"plain","optional":true},"include":{"type":"string","description_kind":"plain","optional":true}},"description_kind":"plain"}}},"description_kind":"plain"}},"vip_asg":{"nesting_mode":"set","block":{"block_types":{"configuration":{"nesting_mode":"set","block":{"block_types":{"zones":{"nesting_mode":"list","block":{"attributes":{"subnet_uuid":{"type":"string","description_kind":"plain","optional":true,"computed":true}},"description_kind":"plain"}}},"description_kind":"plain"}},"policy":{"nesting_mode":"set","block":{"attributes":{"dns_cooldown":{"type":"string","description_kind":"plain","optional":true},"max_size":{"type":"string","description_kind":"plain","optional":true},"min_size":{"type":"string","description_kind":"plain","optional":true},"suspend":{"type":"string","description_kind":"plain","optional":true}},"description_kind":"plain"}}},"description_kind":"plain"}},"vss_placement":{"nesting_mode":"set","block":{"attributes":{"core_nonaffinity":{"type":"string","description_kind":"plain","optional":true},"num_subcores":{"type":"string","description_kind":"plain","optional":true}},"description_kind":"plain"}}},"description_kind":"plain"}},"avi_siteversion":{"version":0,"block":{"attributes":{"datetime":{"type":"string","description_kind":"plain","optional":true,"computed":true},"id":{"type":"string","description_kind":"plain","optional":true,"computed":true},"name":{"type":"string","description_kind":"plain","required":true},"prev_target_version":{"type":"string","description_kind":"plain","optional":true,"computed":true},"replication_state":{"type":"string","description_kind":"plain","optional":true,"computed":true},"site_id":{"type":"string","description_kind":"plain","optional":true,"computed":true},"target_timeline":{"type":"string","description_kind":"plain","optional":true,"computed":true},"target_version":{"type":"string","description_kind":"plain","optional":true,"computed":true},"tenant_ref":{"type":"string","description_kind":"plain","optional":true,"computed":true},"timeline":{"type":"string","description_kind":"plain","optional":true,"computed":true},"uuid":{"type":"string","description_kind":"plain","optional":true,"computed":true},"version":{"type":"string","description_kind":"plain","optional":true,"computed":true},"version_type":{"type":"string","description_kind":"plain","optional":true,"computed":true}},"description_kind":"plain"}},"avi_snmptrapprofile":{"version":0,"block":{"attributes":{"id":{"type":"string","description_kind":"plain","optional":true,"computed":true},"name":{"type":"string","description_kind":"plain","required":true},"tenant_ref":{"type":"string","description_kind":"plain","optional":true,"computed":true},"uuid":{"type":"string","description_kind":"plain","optional":true,"computed":true}},"block_types":{"configpb_attributes":{"nesting_mode":"set","block":{"attributes":{"version":{"type":"string","description_kind":"plain","optional":true,"computed":true}},"description_kind":"plain"}},"trap_servers":{"nesting_mode":"list","block":{"attributes":{"community":{"type":"string","description_kind":"plain","optional":true,"computed":true,"sensitive":true},"port":{"type":"string","description_kind":"plain","optional":true},"version":{"type":"string","description_kind":"plain","optional":true}},"block_types":{"ip_addr":{"nesting_mode":"set","block":{"attributes":{"addr":{"type":"string","description_kind":"plain","required":true},"type":{"type":"string","description_kind":"plain","required":true}},"description_kind":"plain"},"min_items":1},"user":{"nesting_mode":"set","block":{"attributes":{"auth_passphrase":{"type":"string","description_kind":"plain","optional":true,"sensitive":true},"auth_type":{"type":"string","description_kind":"plain","optional":true},"priv_passphrase":{"type":"string","description_kind":"plain","optional":true,"sensitive":true},"priv_type":{"type":"string","description_kind":"plain","optional":true},"username":{"type":"string","description_kind":"plain","optional":true,"computed":true}},"description_kind":"plain"}}},"description_kind":"plain"}}},"description_kind":"plain"}},"avi_sslkeyandcertificate":{"version":0,"block":{"attributes":{"certificate_base64":{"type":"string","description_kind":"plain","optional":true},"certificate_management_profile_ref":{"type":"string","description_kind":"plain","optional":true,"computed":true},"created_by":{"type":"string","description_kind":"plain","optional":true,"computed":true},"enable_ocsp_stapling":{"type":"string","description_kind":"plain","optional":true},"enckey_base64":{"type":"string","description_kind":"plain","optional":true,"computed":true},"enckey_name":{"type":"string","description_kind":"plain","optional":true,"computed":true},"format":{"type":"string","description_kind":"plain","optional":true},"hardwaresecuritymodulegroup_ref":{"type":"string","description_kind":"plain","optional":true,"computed":true},"id":{"type":"string","description_kind":"plain","optional":true,"computed":true},"key":{"type":"string","description_kind":"plain","optional":true,"computed":true,"sensitive":true},"key_base64":{"type":"string","description_kind":"plain","optional":true},"key_passphrase":{"type":"string","description_kind":"plain","optional":true,"computed":true,"sensitive":true},"name":{"type":"string","description_kind":"plain","required":true},"status":{"type":"string","description_kind":"plain","optional":true},"tenant_ref":{"type":"string","description_kind":"plain","optional":true,"computed":true},"type":{"type":"string","description_kind":"plain","optional":true,"computed":true},"uuid":{"type":"string","description_kind":"plain","optional":true,"computed":true}},"block_types":{"ca_certs":{"nesting_mode":"list","block":{"attributes":{"ca_ref":{"type":"string","description_kind":"plain","optional":true,"computed":true},"name":{"type":"string","description_kind":"plain","optional":true,"computed":true}},"description_kind":"plain"}},"certificate":{"nesting_mode":"set","block":{"attributes":{"certificate":{"type":"string","description_kind":"plain","optional":true,"computed":true},"certificate_signing_request":{"type":"string","description_kind":"plain","optional":true,"computed":true},"chain_verified":{"type":"string","description_kind":"plain","optional":true,"computed":true},"days_until_expire":{"type":"string","description_kind":"plain","optional":true},"expiry_status":{"type":"string","description_kind":"plain","optional":true},"fingerprint":{"type":"string","description_kind":"plain","optional":true,"computed":true},"not_after":{"type":"string","description_kind":"plain","optional":true,"computed":true},"not_before":{"type":"string","description_kind":"plain","optional":true,"computed":true},"public_key":{"type":"string","description_kind":"plain","optional":true,"computed":true},"self_signed":{"type":"string","description_kind":"plain","optional":true,"computed":true},"serial_number":{"type":"string","description_kind":"plain","optional":true,"computed":true},"signature":{"type":"string","description_kind":"plain","optional":true,"computed":true},"signature_algorithm":{"type":"string","description_kind":"plain","optional":true,"computed":true},"subject_alt_names":{"type":["list","string"],"description_kind":"plain","optional":true},"text":{"type":"string","description_kind":"plain","optional":true,"computed":true},"version":{"type":"string","description_kind":"plain","optional":true,"computed":true}},"block_types":{"issuer":{"nesting_mode":"set","block":{"attributes":{"common_name":{"type":"string","description_kind":"plain","optional":true,"computed":true},"country":{"type":"string","description_kind":"plain","optional":true,"computed":true},"distinguished_name":{"type":"string","description_kind":"plain","optional":true,"computed":true},"email_address":{"type":"string","description_kind":"plain","optional":true,"computed":true},"locality":{"type":"string","description_kind":"plain","optional":true,"computed":true},"organization":{"type":"string","description_kind":"plain","optional":true,"computed":true},"organization_unit":{"type":"string","description_kind":"plain","optional":true,"computed":true},"state":{"type":"string","description_kind":"plain","optional":true,"computed":true}},"description_kind":"plain"}},"key_params":{"nesting_mode":"set","block":{"attributes":{"algorithm":{"type":"string","description_kind":"plain","required":true}},"block_types":{"ec_params":{"nesting_mode":"set","block":{"attributes":{"curve":{"type":"string","description_kind":"plain","optional":true}},"description_kind":"plain"}},"rsa_params":{"nesting_mode":"set","block":{"attributes":{"exponent":{"type":"string","description_kind":"plain","optional":true},"key_size":{"type":"string","description_kind":"plain","optional":true}},"description_kind":"plain"}}},"description_kind":"plain"}},"subject":{"nesting_mode":"set","block":{"attributes":{"common_name":{"type":"string","description_kind":"plain","optional":true,"computed":true},"country":{"type":"string","description_kind":"plain","optional":true,"computed":true},"distinguished_name":{"type":"string","description_kind":"plain","optional":true,"computed":true},"email_address":{"type":"string","description_kind":"plain","optional":true,"computed":true},"locality":{"type":"string","description_kind":"plain","optional":true,"computed":true},"organization":{"type":"string","description_kind":"plain","optional":true,"computed":true},"organization_unit":{"type":"string","description_kind":"plain","optional":true,"computed":true},"state":{"type":"string","description_kind":"plain","optional":true,"computed":true}},"description_kind":"plain"}}},"description_kind":"plain"},"min_items":1},"configpb_attributes":{"nesting_mode":"set","block":{"attributes":{"version":{"type":"string","description_kind":"plain","optional":true,"computed":true}},"description_kind":"plain"}},"dynamic_params":{"nesting_mode":"list","block":{"attributes":{"is_dynamic":{"type":"string","description_kind":"plain","optional":true},"is_sensitive":{"type":"string","description_kind":"plain","optional":true},"name":{"type":"string","description_kind":"plain","required":true},"value":{"type":"string","description_kind":"plain","optional":true,"computed":true}},"description_kind":"plain"}},"key_params":{"nesting_mode":"set","block":{"attributes":{"algorithm":{"type":"string","description_kind":"plain","required":true}},"block_types":{"ec_params":{"nesting_mode":"set","block":{"attributes":{"curve":{"type":"string","description_kind":"plain","optional":true}},"description_kind":"plain"}},"rsa_params":{"nesting_mode":"set","block":{"attributes":{"exponent":{"type":"string","description_kind":"plain","optional":true},"key_size":{"type":"string","description_kind":"plain","optional":true}},"description_kind":"plain"}}},"description_kind":"plain"}},"markers":{"nesting_mode":"list","block":{"attributes":{"key":{"type":"string","description_kind":"plain","required":true},"values":{"type":["list","string"],"description_kind":"plain","optional":true}},"description_kind":"plain"}},"ocsp_config":{"nesting_mode":"set","block":{"attributes":{"failed_ocsp_jobs_retry_interval":{"type":"string","description_kind":"plain","optional":true},"max_tries":{"type":"string","description_kind":"plain","optional":true},"ocsp_req_interval":{"type":"string","description_kind":"plain","optional":true},"ocsp_resp_timeout":{"type":"string","description_kind":"plain","optional":true,"computed":true},"responder_url_lists":{"type":["list","string"],"description_kind":"plain","optional":true},"url_action":{"type":"string","description_kind":"plain","optional":true}},"description_kind":"plain"}}},"description_kind":"plain"}},"avi_sslprofile":{"version":0,"block":{"attributes":{"accepted_ciphers":{"type":"string","description_kind":"plain","optional":true},"cipher_enums":{"type":["list","string"],"description_kind":"plain","optional":true},"ciphersuites":{"type":"string","description_kind":"plain","optional":true},"description":{"type":"string","description_kind":"plain","optional":true,"computed":true},"dhparam":{"type":"string","description_kind":"plain","optional":true,"computed":true},"ec_named_curve":{"type":"string","description_kind":"plain","optional":true},"enable_early_data":{"type":"string","description_kind":"plain","optional":true},"enable_ssl_session_reuse":{"type":"string","description_kind":"plain","optional":true},"id":{"type":"string","description_kind":"plain","optional":true,"computed":true},"name":{"type":"string","description_kind":"plain","required":true},"prefer_client_cipher_ordering":{"type":"string","description_kind":"plain","optional":true},"send_close_notify":{"type":"string","description_kind":"plain","optional":true},"signature_algorithm":{"type":"string","description_kind":"plain","optional":true},"ssl_session_timeout":{"type":"string","description_kind":"plain","optional":true},"tenant_ref":{"type":"string","description_kind":"plain","optional":true,"computed":true},"type":{"type":"string","description_kind":"plain","optional":true},"uuid":{"type":"string","description_kind":"plain","optional":true,"computed":true}},"block_types":{"accepted_versions":{"nesting_mode":"list","block":{"attributes":{"type":{"type":"string","description_kind":"plain","required":true}},"description_kind":"plain"},"min_items":1},"configpb_attributes":{"nesting_mode":"set","block":{"attributes":{"version":{"type":"string","description_kind":"plain","optional":true,"computed":true}},"description_kind":"plain"}},"markers":{"nesting_mode":"list","block":{"attributes":{"key":{"type":"string","description_kind":"plain","required":true},"values":{"type":["list","string"],"description_kind":"plain","optional":true}},"description_kind":"plain"}},"ssl_rating":{"nesting_mode":"set","block":{"attributes":{"compatibility_rating":{"type":"string","description_kind":"plain","optional":true,"computed":true},"performance_rating":{"type":"string","description_kind":"plain","optional":true,"computed":true},"security_score":{"type":"string","description_kind":"plain","optional":true,"computed":true}},"description_kind":"plain"}},"tags":{"nesting_mode":"list","block":{"attributes":{"type":{"type":"string","description_kind":"plain","optional":true},"value":{"type":"string","description_kind":"plain","required":true}},"description_kind":"plain"}}},"description_kind":"plain"}},"avi_ssopolicy":{"version":0,"block":{"attributes":{"id":{"type":"string","description_kind":"plain","optional":true,"computed":true},"name":{"type":"string","description_kind":"plain","required":true},"tenant_ref":{"type":"string","description_kind":"plain","optional":true,"computed":true},"type":{"type":"string","description_kind":"plain","optional":true},"uuid":{"type":"string","description_kind":"plain","optional":true,"computed":true}},"block_types":{"authentication_policy":{"nesting_mode":"set","block":{"attributes":{"default_auth_profile_ref":{"type":"string","description_kind":"plain","required":true}},"block_types":{"authn_rules":{"nesting_mode":"list","block":{"attributes":{"enable":{"type":"string","description_kind":"plain","optional":true},"index":{"type":"string","description_kind":"plain","required":true},"name":{"type":"string","description_kind":"plain","required":true}},"block_types":{"action":{"nesting_mode":"set","block":{"attributes":{"type":{"type":"string","description_kind":"plain","optional":true}},"description_kind":"plain"}},"match":{"nesting_mode":"set","block":{"block_types":{"client_ip":{"nesting_mode":"set","block":{"attributes":{"group_refs":{"type":["list","string"],"description_kind":"plain","optional":true},"match_criteria":{"type":"string","description_kind":"plain","required":true}},"block_types":{"addrs":{"nesting_mode":"list","block":{"attributes":{"addr":{"type":"string","description_kind":"plain","required":true},"type":{"type":"string","description_kind":"plain","required":true}},"description_kind":"plain"}},"prefixes":{"nesting_mode":"list","block":{"attributes":{"mask":{"type":"string","description_kind":"plain","required":true}},"block_types":{"ip_addr":{"nesting_mode":"set","block":{"attributes":{"addr":{"type":"string","description_kind":"plain","required":true},"type":{"type":"string","description_kind":"plain","required":true}},"description_kind":"plain"},"min_items":1}},"description_kind":"plain"}},"ranges":{"nesting_mode":"list","block":{"block_types":{"begin":{"nesting_mode":"set","block":{"attributes":{"addr":{"type":"string","description_kind":"plain","required":true},"type":{"type":"string","description_kind":"plain","required":true}},"description_kind":"plain"},"min_items":1},"end":{"nesting_mode":"set","block":{"attributes":{"addr":{"type":"string","description_kind":"plain","required":true},"type":{"type":"string","description_kind":"plain","required":true}},"description_kind":"plain"},"min_items":1}},"description_kind":"plain"}}},"description_kind":"plain"}},"host_hdr":{"nesting_mode":"set","block":{"attributes":{"match_case":{"type":"string","description_kind":"plain","optional":true},"match_criteria":{"type":"string","description_kind":"plain","required":true},"value":{"type":["list","string"],"description_kind":"plain","optional":true}},"description_kind":"plain"}},"path":{"nesting_mode":"set","block":{"attributes":{"match_case":{"type":"string","description_kind":"plain","optional":true},"match_criteria":{"type":"string","description_kind":"plain","required":true},"match_str":{"type":["list","string"],"description_kind":"plain","optional":true},"string_group_refs":{"type":["list","string"],"description_kind":"plain","optional":true}},"description_kind":"plain"}}},"description_kind":"plain"}}},"description_kind":"plain"}}},"description_kind":"plain"},"min_items":1},"authorization_policy":{"nesting_mode":"set","block":{"block_types":{"authz_rules":{"nesting_mode":"list","block":{"attributes":{"enable":{"type":"string","description_kind":"plain","optional":true},"index":{"type":"string","description_kind":"plain","required":true},"name":{"type":"string","description_kind":"plain","required":true}},"block_types":{"action":{"nesting_mode":"set","block":{"attributes":{"status_code":{"type":"string","description_kind":"plain","optional":true,"computed":true},"type":{"type":"string","description_kind":"plain","optional":true}},"description_kind":"plain"},"min_items":1},"match":{"nesting_mode":"set","block":{"block_types":{"access_token":{"nesting_mode":"set","block":{"attributes":{"token_name":{"type":"string","description_kind":"plain","optional":true,"computed":true}},"block_types":{"matches":{"nesting_mode":"list","block":{"attributes":{"bool_match":{"type":"string","description_kind":"plain","optional":true,"computed":true},"int_match":{"type":"string","description_kind":"plain","optional":true,"computed":true},"is_mandatory":{"type":"string","description_kind":"plain","required":true},"name":{"type":"string","description_kind":"plain","required":true},"type":{"type":"string","description_kind":"plain","required":true},"validate":{"type":"string","description_kind":"plain","required":true}},"block_types":{"string_match":{"nesting_mode":"set","block":{"attributes":{"match_criteria":{"type":"string","description_kind":"plain","required":true},"match_str":{"type":["list","string"],"description_kind":"plain","optional":true},"string_group_refs":{"type":["list","string"],"description_kind":"plain","optional":true}},"description_kind":"plain"}}},"description_kind":"plain"}}},"description_kind":"plain"}},"attr_matches":{"nesting_mode":"list","block":{"attributes":{"attribute_name":{"type":"string","description_kind":"plain","required":true}},"block_types":{"attribute_value_list":{"nesting_mode":"set","block":{"attributes":{"match_criteria":{"type":"string","description_kind":"plain","required":true},"match_str":{"type":["list","string"],"description_kind":"plain","optional":true},"string_group_refs":{"type":["list","string"],"description_kind":"plain","optional":true}},"description_kind":"plain"},"min_items":1}},"description_kind":"plain"}},"host_hdr":{"nesting_mode":"set","block":{"attributes":{"match_case":{"type":"string","description_kind":"plain","optional":true},"match_criteria":{"type":"string","description_kind":"plain","required":true},"value":{"type":["list","string"],"description_kind":"plain","optional":true}},"description_kind":"plain"}},"method":{"nesting_mode":"set","block":{"attributes":{"match_criteria":{"type":"string","description_kind":"plain","required":true},"methods":{"type":["list","string"],"description_kind":"plain","required":true}},"description_kind":"plain"}},"path":{"nesting_mode":"set","block":{"attributes":{"match_case":{"type":"string","description_kind":"plain","optional":true},"match_criteria":{"type":"string","description_kind":"plain","required":true},"match_str":{"type":["list","string"],"description_kind":"plain","optional":true},"string_group_refs":{"type":["list","string"],"description_kind":"plain","optional":true}},"description_kind":"plain"}}},"description_kind":"plain"},"min_items":1}},"description_kind":"plain"}}},"description_kind":"plain"}},"configpb_attributes":{"nesting_mode":"set","block":{"attributes":{"version":{"type":"string","description_kind":"plain","optional":true,"computed":true}},"description_kind":"plain"}},"markers":{"nesting_mode":"list","block":{"attributes":{"key":{"type":"string","description_kind":"plain","required":true},"values":{"type":["list","string"],"description_kind":"plain","optional":true}},"description_kind":"plain"}}},"description_kind":"plain"}},"avi_stringgroup":{"version":0,"block":{"attributes":{"description":{"type":"string","description_kind":"plain","optional":true,"computed":true},"id":{"type":"string","description_kind":"plain","optional":true,"computed":true},"longest_match":{"type":"string","description_kind":"plain","optional":true},"name":{"type":"string","description_kind":"plain","required":true},"tenant_ref":{"type":"string","description_kind":"plain","optional":true,"computed":true},"type":{"type":"string","description_kind":"plain","required":true},"uuid":{"type":"string","description_kind":"plain","optional":true,"computed":true}},"block_types":{"configpb_attributes":{"nesting_mode":"set","block":{"attributes":{"version":{"type":"string","description_kind":"plain","optional":true,"computed":true}},"description_kind":"plain"}},"kv":{"nesting_mode":"list","block":{"attributes":{"key":{"type":"string","description_kind":"plain","required":true},"value":{"type":"string","description_kind":"plain","optional":true,"computed":true}},"description_kind":"plain"}},"markers":{"nesting_mode":"list","block":{"attributes":{"key":{"type":"string","description_kind":"plain","required":true},"values":{"type":["list","string"],"description_kind":"plain","optional":true}},"description_kind":"plain"}}},"description_kind":"plain"}},"avi_systemconfiguration":{"version":0,"block":{"attributes":{"common_criteria_mode":{"type":"string","description_kind":"plain","optional":true},"default_license_tier":{"type":"string","description_kind":"plain","optional":true},"dns_virtualservice_refs":{"type":["list","string"],"description_kind":"plain","optional":true},"docker_mode":{"type":"string","description_kind":"plain","optional":true},"enable_cors":{"type":"string","description_kind":"plain","optional":true},"fips_mode":{"type":"string","description_kind":"plain","optional":true},"id":{"type":"string","description_kind":"plain","optional":true,"computed":true},"ssh_ciphers":{"type":["list","string"],"description_kind":"plain","optional":true},"ssh_hmacs":{"type":["list","string"],"description_kind":"plain","optional":true},"uuid":{"type":"string","description_kind":"plain","optional":true,"computed":true},"welcome_workflow_complete":{"type":"string","description_kind":"plain","optional":true}},"block_types":{"admin_auth_configuration":{"nesting_mode":"set","block":{"attributes":{"allow_local_user_login":{"type":"string","description_kind":"plain","optional":true},"auth_profile_ref":{"type":"string","description_kind":"plain","optional":true,"computed":true}},"block_types":{"alternate_auth_configurations":{"nesting_mode":"list","block":{"attributes":{"auth_profile_ref":{"type":"string","description_kind":"plain","optional":true,"computed":true},"index":{"type":"string","description_kind":"plain","required":true}},"block_types":{"mapping_rules":{"nesting_mode":"list","block":{"attributes":{"assign_policy":{"type":"string","description_kind":"plain","optional":true,"computed":true},"assign_role":{"type":"string","description_kind":"plain","optional":true,"computed":true},"assign_tenant":{"type":"string","description_kind":"plain","optional":true,"computed":true},"assign_userprofile":{"type":"string","description_kind":"plain","optional":true,"computed":true},"index":{"type":"string","description_kind":"plain","required":true},"is_superuser":{"type":"string","description_kind":"plain","optional":true,"computed":true},"policy_attribute_name":{"type":"string","description_kind":"plain","optional":true,"computed":true},"role_attribute_name":{"type":"string","description_kind":"plain","optional":true,"computed":true},"role_refs":{"type":["list","string"],"description_kind":"plain","optional":true},"tenant_attribute_name":{"type":"string","description_kind":"plain","optional":true,"computed":true},"tenant_refs":{"type":["list","string"],"description_kind":"plain","optional":true},"userprofile_attribute_name":{"type":"string","description_kind":"plain","optional":true,"computed":true},"userprofile_ref":{"type":"string","description_kind":"plain","optional":true,"computed":true}},"block_types":{"attribute_match":{"nesting_mode":"set","block":{"attributes":{"criteria":{"type":"string","description_kind":"plain","required":true},"name":{"type":"string","description_kind":"plain","optional":true,"computed":true},"values":{"type":["list","string"],"description_kind":"plain","optional":true}},"description_kind":"plain"}},"group_match":{"nesting_mode":"set","block":{"attributes":{"criteria":{"type":"string","description_kind":"plain","required":true},"groups":{"type":["list","string"],"description_kind":"plain","optional":true}},"description_kind":"plain"}}},"description_kind":"plain"}}},"description_kind":"plain"}},"mapping_rules":{"nesting_mode":"list","block":{"attributes":{"assign_policy":{"type":"string","description_kind":"plain","optional":true,"computed":true},"assign_role":{"type":"string","description_kind":"plain","optional":true,"computed":true},"assign_tenant":{"type":"string","description_kind":"plain","optional":true,"computed":true},"assign_userprofile":{"type":"string","description_kind":"plain","optional":true,"computed":true},"index":{"type":"string","description_kind":"plain","required":true},"is_superuser":{"type":"string","description_kind":"plain","optional":true,"computed":true},"policy_attribute_name":{"type":"string","description_kind":"plain","optional":true,"computed":true},"role_attribute_name":{"type":"string","description_kind":"plain","optional":true,"computed":true},"role_refs":{"type":["list","string"],"description_kind":"plain","optional":true},"tenant_attribute_name":{"type":"string","description_kind":"plain","optional":true,"computed":true},"tenant_refs":{"type":["list","string"],"description_kind":"plain","optional":true},"userprofile_attribute_name":{"type":"string","description_kind":"plain","optional":true,"computed":true},"userprofile_ref":{"type":"string","description_kind":"plain","optional":true,"computed":true}},"block_types":{"attribute_match":{"nesting_mode":"set","block":{"attributes":{"criteria":{"type":"string","description_kind":"plain","required":true},"name":{"type":"string","description_kind":"plain","optional":true,"computed":true},"values":{"type":["list","string"],"description_kind":"plain","optional":true}},"description_kind":"plain"}},"group_match":{"nesting_mode":"set","block":{"attributes":{"criteria":{"type":"string","description_kind":"plain","required":true},"groups":{"type":["list","string"],"description_kind":"plain","optional":true}},"description_kind":"plain"}}},"description_kind":"plain"}}},"description_kind":"plain"}},"configpb_attributes":{"nesting_mode":"set","block":{"attributes":{"version":{"type":"string","description_kind":"plain","optional":true,"computed":true}},"description_kind":"plain"}},"dns_configuration":{"nesting_mode":"set","block":{"attributes":{"search_domain":{"type":"string","description_kind":"plain","optional":true,"computed":true}},"block_types":{"server_list":{"nesting_mode":"list","block":{"attributes":{"addr":{"type":"string","description_kind":"plain","required":true},"type":{"type":"string","description_kind":"plain","required":true}},"description_kind":"plain"}}},"description_kind":"plain"}},"email_configuration":{"nesting_mode":"set","block":{"attributes":{"auth_password":{"type":"string","description_kind":"plain","optional":true,"computed":true,"sensitive":true},"auth_username":{"type":"string","description_kind":"plain","optional":true,"computed":true},"disable_tls":{"type":"string","description_kind":"plain","optional":true},"email_timezone":{"type":"string","description_kind":"plain","optional":true,"computed":true},"from_email":{"type":"string","description_kind":"plain","optional":true},"mail_server_name":{"type":"string","description_kind":"plain","optional":true},"mail_server_port":{"type":"string","description_kind":"plain","optional":true},"smtp_type":{"type":"string","description_kind":"plain","required":true}},"description_kind":"plain"}},"global_tenant_config":{"nesting_mode":"set","block":{"attributes":{"se_in_provider_context":{"type":"string","description_kind":"plain","optional":true},"tenant_access_to_provider_se":{"type":"string","description_kind":"plain","optional":true},"tenant_vrf":{"type":"string","description_kind":"plain","optional":true}},"description_kind":"plain"}},"linux_configuration":{"nesting_mode":"set","block":{"attributes":{"banner":{"type":"string","description_kind":"plain","optional":true,"computed":true},"cis_mode":{"type":"string","description_kind":"plain","optional":true},"motd":{"type":"string","description_kind":"plain","optional":true,"computed":true}},"description_kind":"plain"}},"mgmt_ip_access_control":{"nesting_mode":"set","block":{"block_types":{"api_access":{"nesting_mode":"set","block":{"attributes":{"group_refs":{"type":["list","string"],"description_kind":"plain","optional":true},"match_criteria":{"type":"string","description_kind":"plain","required":true}},"block_types":{"addrs":{"nesting_mode":"list","block":{"attributes":{"addr":{"type":"string","description_kind":"plain","required":true},"type":{"type":"string","description_kind":"plain","required":true}},"description_kind":"plain"}},"prefixes":{"nesting_mode":"list","block":{"attributes":{"mask":{"type":"string","description_kind":"plain","required":true}},"block_types":{"ip_addr":{"nesting_mode":"set","block":{"attributes":{"addr":{"type":"string","description_kind":"plain","required":true},"type":{"type":"string","description_kind":"plain","required":true}},"description_kind":"plain"},"min_items":1}},"description_kind":"plain"}},"ranges":{"nesting_mode":"list","block":{"block_types":{"begin":{"nesting_mode":"set","block":{"attributes":{"addr":{"type":"string","description_kind":"plain","required":true},"type":{"type":"string","description_kind":"plain","required":true}},"description_kind":"plain"},"min_items":1},"end":{"nesting_mode":"set","block":{"attributes":{"addr":{"type":"string","description_kind":"plain","required":true},"type":{"type":"string","description_kind":"plain","required":true}},"description_kind":"plain"},"min_items":1}},"description_kind":"plain"}}},"description_kind":"plain"}},"shell_server_access":{"nesting_mode":"set","block":{"attributes":{"group_refs":{"type":["list","string"],"description_kind":"plain","optional":true},"match_criteria":{"type":"string","description_kind":"plain","required":true}},"block_types":{"addrs":{"nesting_mode":"list","block":{"attributes":{"addr":{"type":"string","description_kind":"plain","required":true},"type":{"type":"string","description_kind":"plain","required":true}},"description_kind":"plain"}},"prefixes":{"nesting_mode":"list","block":{"attributes":{"mask":{"type":"string","description_kind":"plain","required":true}},"block_types":{"ip_addr":{"nesting_mode":"set","block":{"attributes":{"addr":{"type":"string","description_kind":"plain","required":true},"type":{"type":"string","description_kind":"plain","required":true}},"description_kind":"plain"},"min_items":1}},"description_kind":"plain"}},"ranges":{"nesting_mode":"list","block":{"block_types":{"begin":{"nesting_mode":"set","block":{"attributes":{"addr":{"type":"string","description_kind":"plain","required":true},"type":{"type":"string","description_kind":"plain","required":true}},"description_kind":"plain"},"min_items":1},"end":{"nesting_mode":"set","block":{"attributes":{"addr":{"type":"string","description_kind":"plain","required":true},"type":{"type":"string","description_kind":"plain","required":true}},"description_kind":"plain"},"min_items":1}},"description_kind":"plain"}}},"description_kind":"plain"}},"snmp_access":{"nesting_mode":"set","block":{"attributes":{"group_refs":{"type":["list","string"],"description_kind":"plain","optional":true},"match_criteria":{"type":"string","description_kind":"plain","required":true}},"block_types":{"addrs":{"nesting_mode":"list","block":{"attributes":{"addr":{"type":"string","description_kind":"plain","required":true},"type":{"type":"string","description_kind":"plain","required":true}},"description_kind":"plain"}},"prefixes":{"nesting_mode":"list","block":{"attributes":{"mask":{"type":"string","description_kind":"plain","required":true}},"block_types":{"ip_addr":{"nesting_mode":"set","block":{"attributes":{"addr":{"type":"string","description_kind":"plain","required":true},"type":{"type":"string","description_kind":"plain","required":true}},"description_kind":"plain"},"min_items":1}},"description_kind":"plain"}},"ranges":{"nesting_mode":"list","block":{"block_types":{"begin":{"nesting_mode":"set","block":{"attributes":{"addr":{"type":"string","description_kind":"plain","required":true},"type":{"type":"string","description_kind":"plain","required":true}},"description_kind":"plain"},"min_items":1},"end":{"nesting_mode":"set","block":{"attributes":{"addr":{"type":"string","description_kind":"plain","required":true},"type":{"type":"string","description_kind":"plain","required":true}},"description_kind":"plain"},"min_items":1}},"description_kind":"plain"}}},"description_kind":"plain"}},"ssh_access":{"nesting_mode":"set","block":{"attributes":{"group_refs":{"type":["list","string"],"description_kind":"plain","optional":true},"match_criteria":{"type":"string","description_kind":"plain","required":true}},"block_types":{"addrs":{"nesting_mode":"list","block":{"attributes":{"addr":{"type":"string","description_kind":"plain","required":true},"type":{"type":"string","description_kind":"plain","required":true}},"description_kind":"plain"}},"prefixes":{"nesting_mode":"list","block":{"attributes":{"mask":{"type":"string","description_kind":"plain","required":true}},"block_types":{"ip_addr":{"nesting_mode":"set","block":{"attributes":{"addr":{"type":"string","description_kind":"plain","required":true},"type":{"type":"string","description_kind":"plain","required":true}},"description_kind":"plain"},"min_items":1}},"description_kind":"plain"}},"ranges":{"nesting_mode":"list","block":{"block_types":{"begin":{"nesting_mode":"set","block":{"attributes":{"addr":{"type":"string","description_kind":"plain","required":true},"type":{"type":"string","description_kind":"plain","required":true}},"description_kind":"plain"},"min_items":1},"end":{"nesting_mode":"set","block":{"attributes":{"addr":{"type":"string","description_kind":"plain","required":true},"type":{"type":"string","description_kind":"plain","required":true}},"description_kind":"plain"},"min_items":1}},"description_kind":"plain"}}},"description_kind":"plain"}},"sysint_access":{"nesting_mode":"set","block":{"attributes":{"group_refs":{"type":["list","string"],"description_kind":"plain","optional":true},"match_criteria":{"type":"string","description_kind":"plain","required":true}},"block_types":{"addrs":{"nesting_mode":"list","block":{"attributes":{"addr":{"type":"string","description_kind":"plain","required":true},"type":{"type":"string","description_kind":"plain","required":true}},"description_kind":"plain"}},"prefixes":{"nesting_mode":"list","block":{"attributes":{"mask":{"type":"string","description_kind":"plain","required":true}},"block_types":{"ip_addr":{"nesting_mode":"set","block":{"attributes":{"addr":{"type":"string","description_kind":"plain","required":true},"type":{"type":"string","description_kind":"plain","required":true}},"description_kind":"plain"},"min_items":1}},"description_kind":"plain"}},"ranges":{"nesting_mode":"list","block":{"block_types":{"begin":{"nesting_mode":"set","block":{"attributes":{"addr":{"type":"string","description_kind":"plain","required":true},"type":{"type":"string","description_kind":"plain","required":true}},"description_kind":"plain"},"min_items":1},"end":{"nesting_mode":"set","block":{"attributes":{"addr":{"type":"string","description_kind":"plain","required":true},"type":{"type":"string","description_kind":"plain","required":true}},"description_kind":"plain"},"min_items":1}},"description_kind":"plain"}}},"description_kind":"plain"}}},"description_kind":"plain"}},"ntp_configuration":{"nesting_mode":"set","block":{"block_types":{"ntp_authentication_keys":{"nesting_mode":"list","block":{"attributes":{"algorithm":{"type":"string","description_kind":"plain","optional":true},"key":{"type":"string","description_kind":"plain","required":true},"key_number":{"type":"string","description_kind":"plain","required":true}},"description_kind":"plain"}},"ntp_server_list":{"nesting_mode":"list","block":{"attributes":{"addr":{"type":"string","description_kind":"plain","required":true},"type":{"type":"string","description_kind":"plain","required":true}},"description_kind":"plain"}},"ntp_servers":{"nesting_mode":"list","block":{"attributes":{"key_number":{"type":"string","description_kind":"plain","optional":true,"computed":true}},"block_types":{"server":{"nesting_mode":"set","block":{"attributes":{"addr":{"type":"string","description_kind":"plain","required":true},"type":{"type":"string","description_kind":"plain","required":true}},"description_kind":"plain"},"min_items":1}},"description_kind":"plain"}}},"description_kind":"plain"}},"portal_configuration":{"nesting_mode":"set","block":{"attributes":{"allow_basic_authentication":{"type":"string","description_kind":"plain","optional":true},"api_force_timeout":{"type":"string","description_kind":"plain","optional":true},"disable_remote_cli_shell":{"type":"string","description_kind":"plain","optional":true},"disable_swagger":{"type":"string","description_kind":"plain","optional":true},"enable_clickjacking_protection":{"type":"string","description_kind":"plain","optional":true},"enable_http":{"type":"string","description_kind":"plain","optional":true},"enable_https":{"type":"string","description_kind":"plain","optional":true},"http_port":{"type":"string","description_kind":"plain","optional":true,"computed":true},"https_port":{"type":"string","description_kind":"plain","optional":true,"computed":true},"minimum_password_length":{"type":"string","description_kind":"plain","optional":true},"password_strength_check":{"type":"string","description_kind":"plain","optional":true},"redirect_to_https":{"type":"string","description_kind":"plain","optional":true},"sslkeyandcertificate_refs":{"type":["list","string"],"description_kind":"plain","optional":true},"sslprofile_ref":{"type":"string","description_kind":"plain","optional":true,"computed":true},"use_uuid_from_input":{"type":"string","description_kind":"plain","optional":true}},"description_kind":"plain"}},"proxy_configuration":{"nesting_mode":"set","block":{"attributes":{"host":{"type":"string","description_kind":"plain","required":true},"password":{"type":"string","description_kind":"plain","optional":true,"computed":true,"sensitive":true},"port":{"type":"string","description_kind":"plain","required":true},"username":{"type":"string","description_kind":"plain","optional":true,"computed":true}},"description_kind":"plain"}},"secure_channel_configuration":{"nesting_mode":"set","block":{"attributes":{"sslkeyandcertificate_refs":{"type":["list","string"],"description_kind":"plain","optional":true}},"description_kind":"plain"}},"snmp_configuration":{"nesting_mode":"set","block":{"attributes":{"community":{"type":"string","description_kind":"plain","optional":true,"computed":true,"sensitive":true},"large_trap_payload":{"type":"string","description_kind":"plain","optional":true},"sys_contact":{"type":"string","description_kind":"plain","optional":true},"sys_location":{"type":"string","description_kind":"plain","optional":true,"computed":true},"version":{"type":"string","description_kind":"plain","optional":true}},"block_types":{"snmp_v3_config":{"nesting_mode":"set","block":{"attributes":{"engine_id":{"type":"string","description_kind":"plain","optional":true,"computed":true}},"block_types":{"user":{"nesting_mode":"set","block":{"attributes":{"auth_passphrase":{"type":"string","description_kind":"plain","optional":true,"sensitive":true},"auth_type":{"type":"string","description_kind":"plain","optional":true},"priv_passphrase":{"type":"string","description_kind":"plain","optional":true,"sensitive":true},"priv_type":{"type":"string","description_kind":"plain","optional":true},"username":{"type":"string","description_kind":"plain","optional":true,"computed":true}},"description_kind":"plain"}}},"description_kind":"plain"}}},"description_kind":"plain"}}},"description_kind":"plain"}},"avi_systemlimits":{"version":0,"block":{"attributes":{"id":{"type":"string","description_kind":"plain","optional":true,"computed":true},"uuid":{"type":"string","description_kind":"plain","optional":true,"computed":true}},"block_types":{"configpb_attributes":{"nesting_mode":"set","block":{"attributes":{"version":{"type":"string","description_kind":"plain","optional":true,"computed":true}},"description_kind":"plain"}},"controller_limits":{"nesting_mode":"set","block":{"attributes":{"certificates_per_virtualservice":{"type":"string","description_kind":"plain","optional":true,"computed":true},"default_routes_per_vrfcontext":{"type":"string","description_kind":"plain","optional":true,"computed":true},"gateway_mon_per_vrf":{"type":"string","description_kind":"plain","optional":true,"computed":true},"ips_per_ipgroup":{"type":"string","description_kind":"plain","optional":true,"computed":true},"poolgroups_per_virtualservice":{"type":"string","description_kind":"plain","optional":true,"computed":true},"pools_per_poolgroup":{"type":"string","description_kind":"plain","optional":true,"computed":true},"pools_per_virtualservice":{"type":"string","description_kind":"plain","optional":true,"computed":true},"routes_per_vrfcontext":{"type":"string","description_kind":"plain","optional":true,"computed":true},"rules_per_networksecuritypolicy":{"type":"string","description_kind":"plain","optional":true,"computed":true},"servers_per_pool":{"type":"string","description_kind":"plain","optional":true,"computed":true},"sni_children_per_parent":{"type":"string","description_kind":"plain","optional":true,"computed":true},"strings_per_stringgroup":{"type":"string","description_kind":"plain","optional":true,"computed":true},"vs_bgp_scaleout":{"type":"string","description_kind":"plain","optional":true,"computed":true},"vs_l2_scaleout":{"type":"string","description_kind":"plain","optional":true,"computed":true}},"block_types":{"controller_cloud_limits":{"nesting_mode":"list","block":{"attributes":{"num_clouds":{"type":"string","description_kind":"plain","optional":true,"computed":true},"type":{"type":"string","description_kind":"plain","optional":true,"computed":true}},"description_kind":"plain"}},"controller_sizing_limits":{"nesting_mode":"list","block":{"attributes":{"flavor":{"type":"string","description_kind":"plain","optional":true,"computed":true},"num_clouds":{"type":"string","description_kind":"plain","optional":true,"computed":true},"num_east_west_virtualservices":{"type":"string","description_kind":"plain","optional":true,"computed":true},"num_servers":{"type":"string","description_kind":"plain","optional":true,"computed":true},"num_serviceengines":{"type":"string","description_kind":"plain","optional":true,"computed":true},"num_tenants":{"type":"string","description_kind":"plain","optional":true,"computed":true},"num_virtualservices":{"type":"string","description_kind":"plain","optional":true,"computed":true},"num_virtualservices_rt_metrics":{"type":"string","description_kind":"plain","optional":true,"computed":true},"num_vrfs":{"type":"string","description_kind":"plain","optional":true,"computed":true}},"block_types":{"controller_sizing_cloud_limits":{"nesting_mode":"list","block":{"attributes":{"num_clouds":{"type":"string","description_kind":"plain","optional":true,"computed":true},"type":{"type":"string","description_kind":"plain","optional":true,"computed":true}},"description_kind":"plain"}}},"description_kind":"plain"}},"l7_limits":{"nesting_mode":"set","block":{"attributes":{"http_policies_per_vs":{"type":"string","description_kind":"plain","optional":true,"computed":true},"num_compression_filters":{"type":"string","description_kind":"plain","optional":true,"computed":true},"num_custom_str":{"type":"string","description_kind":"plain","optional":true,"computed":true},"num_matches_per_rule":{"type":"string","description_kind":"plain","optional":true,"computed":true},"num_rules_per_http_policy":{"type":"string","description_kind":"plain","optional":true,"computed":true},"num_strgroups_per_match":{"type":"string","description_kind":"plain","optional":true,"computed":true},"str_cache_mime":{"type":"string","description_kind":"plain","optional":true,"computed":true},"str_groups_cache_mime":{"type":"string","description_kind":"plain","optional":true,"computed":true},"str_groups_no_cache_mime":{"type":"string","description_kind":"plain","optional":true,"computed":true},"str_groups_no_cache_uri":{"type":"string","description_kind":"plain","optional":true,"computed":true},"str_no_cache_mime":{"type":"string","description_kind":"plain","optional":true,"computed":true},"str_no_cache_uri":{"type":"string","description_kind":"plain","optional":true,"computed":true}},"description_kind":"plain"}}},"description_kind":"plain"}},"controller_sizes":{"nesting_mode":"list","block":{"attributes":{"flavor":{"type":"string","description_kind":"plain","optional":true,"computed":true},"min_cpus":{"type":"string","description_kind":"plain","optional":true,"computed":true},"min_memory":{"type":"string","description_kind":"plain","optional":true,"computed":true}},"description_kind":"plain"}},"serviceengine_limits":{"nesting_mode":"set","block":{"attributes":{"all_virtualservices_per_serviceengine":{"type":"string","description_kind":"plain","optional":true,"computed":true},"ew_virtualservices_per_serviceengine":{"type":"string","description_kind":"plain","optional":true,"computed":true},"ns_virtualservices_per_serviceengine":{"type":"string","description_kind":"plain","optional":true,"computed":true},"num_logical_intf_per_se":{"type":"string","description_kind":"plain","optional":true,"computed":true},"num_phy_intf_per_se":{"type":"string","description_kind":"plain","optional":true,"computed":true},"num_virtualservices_rt_metrics":{"type":"string","description_kind":"plain","optional":true,"computed":true},"num_vlan_intf_per_phy_intf":{"type":"string","description_kind":"plain","optional":true,"computed":true},"num_vlan_intf_per_se":{"type":"string","description_kind":"plain","optional":true,"computed":true}},"block_types":{"serviceengine_cloud_limits":{"nesting_mode":"list","block":{"attributes":{"type":{"type":"string","description_kind":"plain","optional":true,"computed":true},"vrfs_per_serviceengine":{"type":"string","description_kind":"plain","optional":true,"computed":true}},"description_kind":"plain"}}},"description_kind":"plain"}}},"description_kind":"plain"}},"avi_tenant":{"version":0,"block":{"attributes":{"created_by":{"type":"string","description_kind":"plain","optional":true,"computed":true},"description":{"type":"string","description_kind":"plain","optional":true,"computed":true},"enforce_label_group":{"type":"string","description_kind":"plain","optional":true},"id":{"type":"string","description_kind":"plain","optional":true,"computed":true},"label_group_refs":{"type":["list","string"],"description_kind":"plain","optional":true},"local":{"type":"string","description_kind":"plain","optional":true},"name":{"type":"string","description_kind":"plain","required":true},"uuid":{"type":"string","description_kind":"plain","optional":true,"computed":true}},"block_types":{"config_settings":{"nesting_mode":"set","block":{"attributes":{"se_in_provider_context":{"type":"string","description_kind":"plain","optional":true},"tenant_access_to_provider_se":{"type":"string","description_kind":"plain","optional":true},"tenant_vrf":{"type":"string","description_kind":"plain","optional":true}},"description_kind":"plain"}},"configpb_attributes":{"nesting_mode":"set","block":{"attributes":{"version":{"type":"string","description_kind":"plain","optional":true,"computed":true}},"description_kind":"plain"}}},"description_kind":"plain"}},"avi_testsedatastorelevel1":{"version":0,"block":{"attributes":{"id":{"type":"string","description_kind":"plain","optional":true,"computed":true},"name":{"type":"string","description_kind":"plain","required":true},"tenant_ref":{"type":"string","description_kind":"plain","optional":true,"computed":true},"test_se_datastore_level_2_ref":{"type":"string","description_kind":"plain","optional":true,"computed":true},"uuid":{"type":"string","description_kind":"plain","optional":true,"computed":true}},"block_types":{"configpb_attributes":{"nesting_mode":"set","block":{"attributes":{"version":{"type":"string","description_kind":"plain","optional":true,"computed":true}},"description_kind":"plain"}}},"description_kind":"plain"}},"avi_testsedatastorelevel2":{"version":0,"block":{"attributes":{"id":{"type":"string","description_kind":"plain","optional":true,"computed":true},"name":{"type":"string","description_kind":"plain","required":true},"tenant_ref":{"type":"string","description_kind":"plain","optional":true,"computed":true},"test_se_datastore_level_3_refs":{"type":["list","string"],"description_kind":"plain","optional":true},"uuid":{"type":"string","description_kind":"plain","optional":true,"computed":true}},"block_types":{"configpb_attributes":{"nesting_mode":"set","block":{"attributes":{"version":{"type":"string","description_kind":"plain","optional":true,"computed":true}},"description_kind":"plain"}}},"description_kind":"plain"}},"avi_testsedatastorelevel3":{"version":0,"block":{"attributes":{"id":{"type":"string","description_kind":"plain","optional":true,"computed":true},"name":{"type":"string","description_kind":"plain","required":true},"tenant_ref":{"type":"string","description_kind":"plain","optional":true,"computed":true},"uuid":{"type":"string","description_kind":"plain","optional":true,"computed":true}},"block_types":{"configpb_attributes":{"nesting_mode":"set","block":{"attributes":{"version":{"type":"string","description_kind":"plain","optional":true,"computed":true}},"description_kind":"plain"}}},"description_kind":"plain"}},"avi_trafficcloneprofile":{"version":0,"block":{"attributes":{"cloud_ref":{"type":"string","description_kind":"plain","optional":true,"computed":true},"id":{"type":"string","description_kind":"plain","optional":true,"computed":true},"name":{"type":"string","description_kind":"plain","required":true},"preserve_client_ip":{"type":"string","description_kind":"plain","optional":true},"tenant_ref":{"type":"string","description_kind":"plain","optional":true,"computed":true},"uuid":{"type":"string","description_kind":"plain","optional":true,"computed":true}},"block_types":{"clone_servers":{"nesting_mode":"list","block":{"attributes":{"mac":{"type":"string","description_kind":"plain","optional":true,"computed":true},"network_ref":{"type":"string","description_kind":"plain","optional":true,"computed":true}},"block_types":{"ip_address":{"nesting_mode":"set","block":{"attributes":{"addr":{"type":"string","description_kind":"plain","required":true},"type":{"type":"string","description_kind":"plain","required":true}},"description_kind":"plain"}},"subnet":{"nesting_mode":"set","block":{"attributes":{"mask":{"type":"string","description_kind":"plain","required":true}},"block_types":{"ip_addr":{"nesting_mode":"set","block":{"attributes":{"addr":{"type":"string","description_kind":"plain","required":true},"type":{"type":"string","description_kind":"plain","required":true}},"description_kind":"plain"},"min_items":1}},"description_kind":"plain"}}},"description_kind":"plain"}},"configpb_attributes":{"nesting_mode":"set","block":{"attributes":{"version":{"type":"string","description_kind":"plain","optional":true,"computed":true}},"description_kind":"plain"}},"markers":{"nesting_mode":"list","block":{"attributes":{"key":{"type":"string","description_kind":"plain","required":true},"values":{"type":["list","string"],"description_kind":"plain","optional":true}},"description_kind":"plain"}}},"description_kind":"plain"}},"avi_upgradestatusinfo":{"version":0,"block":{"attributes":{"after_reboot_rollback_fnc":{"type":"string","description_kind":"plain","optional":true,"computed":true},"after_reboot_task_name":{"type":"string","description_kind":"plain","optional":true,"computed":true},"clean":{"type":"string","description_kind":"plain","optional":true,"computed":true},"duration":{"type":"string","description_kind":"plain","optional":true,"computed":true},"enable_patch_rollback":{"type":"string","description_kind":"plain","optional":true},"enable_rollback":{"type":"string","description_kind":"plain","optional":true},"end_time":{"type":"string","description_kind":"plain","optional":true,"computed":true},"enqueue_time":{"type":"string","description_kind":"plain","optional":true,"computed":true},"fips_mode":{"type":"string","description_kind":"plain","optional":true,"computed":true},"id":{"type":"string","description_kind":"plain","optional":true,"computed":true},"image_path":{"type":"string","description_kind":"plain","optional":true,"computed":true},"image_ref":{"type":"string","description_kind":"plain","optional":true,"computed":true},"name":{"type":"string","description_kind":"plain","optional":true,"computed":true},"node_type":{"type":"string","description_kind":"plain","optional":true,"computed":true},"obj_cloud_ref":{"type":"string","description_kind":"plain","optional":true,"computed":true},"patch_image_path":{"type":"string","description_kind":"plain","optional":true,"computed":true},"patch_image_ref":{"type":"string","description_kind":"plain","optional":true,"computed":true},"patch_reboot":{"type":"string","description_kind":"plain","optional":true,"computed":true},"patch_version":{"type":"string","description_kind":"plain","optional":true,"computed":true},"prev_image_path":{"type":"string","description_kind":"plain","optional":true,"computed":true},"prev_patch_image_path":{"type":"string","description_kind":"plain","optional":true,"computed":true},"previous_image_ref":{"type":"string","description_kind":"plain","optional":true,"computed":true},"previous_patch_image_ref":{"type":"string","description_kind":"plain","optional":true,"computed":true},"previous_patch_version":{"type":"string","description_kind":"plain","optional":true,"computed":true},"previous_version":{"type":"string","description_kind":"plain","optional":true,"computed":true},"progress":{"type":"string","description_kind":"plain","optional":true},"se_patch_image_path":{"type":"string","description_kind":"plain","optional":true,"computed":true},"se_patch_image_ref":{"type":"string","description_kind":"plain","optional":true,"computed":true},"start_time":{"type":"string","description_kind":"plain","optional":true,"computed":true},"system":{"type":"string","description_kind":"plain","optional":true,"computed":true},"tasks_completed":{"type":"string","description_kind":"plain","optional":true,"computed":true},"tenant_ref":{"type":"string","description_kind":"plain","optional":true,"computed":true},"total_tasks":{"type":"string","description_kind":"plain","optional":true,"computed":true},"upgrade_ops":{"type":"string","description_kind":"plain","optional":true,"computed":true},"uuid":{"type":"string","description_kind":"plain","optional":true,"computed":true},"version":{"type":"string","description_kind":"plain","optional":true,"computed":true}},"block_types":{"history":{"nesting_mode":"list","block":{"attributes":{"duration":{"type":"string","description_kind":"plain","optional":true,"computed":true},"end_time":{"type":"string","description_kind":"plain","optional":true,"computed":true},"ops":{"type":"string","description_kind":"plain","optional":true,"computed":true},"patch_version":{"type":"string","description_kind":"plain","optional":true,"computed":true},"start_time":{"type":"string","description_kind":"plain","optional":true,"computed":true},"version":{"type":"string","description_kind":"plain","optional":true,"computed":true}},"block_types":{"se_upgrade_events":{"nesting_mode":"list","block":{"attributes":{"from_se_ref":{"type":"string","description_kind":"plain","optional":true,"computed":true},"num_se":{"type":"string","description_kind":"plain","optional":true,"computed":true},"num_se_group":{"type":"string","description_kind":"plain","optional":true,"computed":true},"num_vs":{"type":"string","description_kind":"plain","optional":true,"computed":true},"reason":{"type":["list","string"],"description_kind":"plain","optional":true},"se_group_ha_mode":{"type":"string","description_kind":"plain","optional":true,"computed":true},"se_group_ref":{"type":"string","description_kind":"plain","optional":true,"computed":true},"se_ref":{"type":"string","description_kind":"plain","optional":true,"computed":true},"sub_tasks":{"type":["list","string"],"description_kind":"plain","optional":true},"task":{"type":"string","description_kind":"plain","optional":true,"computed":true},"to_se_ref":{"type":"string","description_kind":"plain","optional":true,"computed":true},"traffic_status":{"type":"string","description_kind":"plain","optional":true,"computed":true},"vs_ref":{"type":"string","description_kind":"plain","optional":true,"computed":true}},"description_kind":"plain"}},"seg_status":{"nesting_mode":"set","block":{"attributes":{"controller_version":{"type":"string","description_kind":"plain","optional":true,"computed":true},"disrupted_vs_ref":{"type":["list","string"],"description_kind":"plain","optional":true},"duration":{"type":"string","description_kind":"plain","optional":true,"computed":true},"end_time":{"type":"string","description_kind":"plain","optional":true,"computed":true},"enqueue_time":{"type":"string","description_kind":"plain","optional":true,"computed":true},"ha_mode":{"type":"string","description_kind":"plain","optional":true,"computed":true},"in_progress":{"type":"string","description_kind":"plain","optional":true,"computed":true},"notes":{"type":["list","string"],"description_kind":"plain","optional":true},"num_se":{"type":"string","description_kind":"plain","optional":true,"computed":true},"num_se_with_no_vs":{"type":"string","description_kind":"plain","optional":true,"computed":true},"num_se_with_vs_not_scaledout":{"type":"string","description_kind":"plain","optional":true,"computed":true},"num_se_with_vs_scaledout":{"type":"string","description_kind":"plain","optional":true,"computed":true},"num_vs":{"type":"string","description_kind":"plain","optional":true,"computed":true},"num_vs_disrupted":{"type":"string","description_kind":"plain","optional":true,"computed":true},"progress":{"type":"string","description_kind":"plain","optional":true,"computed":true},"reason":{"type":["list","string"],"description_kind":"plain","optional":true},"request_time":{"type":"string","description_kind":"plain","optional":true,"computed":true},"se_already_upgraded_at_start":{"type":["list","string"],"description_kind":"plain","optional":true},"se_disconnected_at_start":{"type":["list","string"],"description_kind":"plain","optional":true},"se_group_name":{"type":"string","description_kind":"plain","optional":true,"computed":true},"se_group_uuid":{"type":"string","description_kind":"plain","optional":true,"computed":true},"se_ip_missing_at_start":{"type":["list","string"],"description_kind":"plain","optional":true},"se_poweredoff_at_start":{"type":["list","string"],"description_kind":"plain","optional":true},"se_reboot_in_progress_ref":{"type":"string","description_kind":"plain","optional":true,"computed":true},"se_upgrade_completed":{"type":["list","string"],"description_kind":"plain","optional":true},"se_upgrade_failed":{"type":["list","string"],"description_kind":"plain","optional":true},"se_upgrade_in_progress":{"type":["list","string"],"description_kind":"plain","optional":true},"se_upgrade_not_started":{"type":["list","string"],"description_kind":"plain","optional":true},"se_upgrade_skip_suspended":{"type":["list","string"],"description_kind":"plain","optional":true},"se_upgrade_suspended":{"type":["list","string"],"description_kind":"plain","optional":true},"se_with_no_vs":{"type":["list","string"],"description_kind":"plain","optional":true},"se_with_vs_not_scaledout":{"type":["list","string"],"description_kind":"plain","optional":true},"se_with_vs_scaledout":{"type":["list","string"],"description_kind":"plain","optional":true},"start_time":{"type":"string","description_kind":"plain","optional":true,"computed":true},"state":{"type":"string","description_kind":"plain","optional":true,"computed":true},"tenant_ref":{"type":"string","description_kind":"plain","optional":true,"computed":true},"thread":{"type":"string","description_kind":"plain","optional":true,"computed":true},"traffic_status":{"type":"string","description_kind":"plain","optional":true,"computed":true},"vs_migrate_in_progress_ref":{"type":["list","string"],"description_kind":"plain","optional":true},"vs_scalein_in_progress_ref":{"type":["list","string"],"description_kind":"plain","optional":true},"vs_scaleout_in_progress_ref":{"type":["list","string"],"description_kind":"plain","optional":true},"worker":{"type":"string","description_kind":"plain","optional":true,"computed":true}},"block_types":{"se_upgrade_errors":{"nesting_mode":"list","block":{"attributes":{"from_se_ref":{"type":"string","description_kind":"plain","optional":true,"computed":true},"num_se":{"type":"string","description_kind":"plain","optional":true,"computed":true},"num_se_group":{"type":"string","description_kind":"plain","optional":true,"computed":true},"num_vs":{"type":"string","description_kind":"plain","optional":true,"computed":true},"reason":{"type":["list","string"],"description_kind":"plain","optional":true},"se_group_ha_mode":{"type":"string","description_kind":"plain","optional":true,"computed":true},"se_group_ref":{"type":"string","description_kind":"plain","optional":true,"computed":true},"se_ref":{"type":"string","description_kind":"plain","optional":true,"computed":true},"sub_tasks":{"type":["list","string"],"description_kind":"plain","optional":true},"task":{"type":"string","description_kind":"plain","optional":true,"computed":true},"to_se_ref":{"type":"string","description_kind":"plain","optional":true,"computed":true},"traffic_status":{"type":"string","description_kind":"plain","optional":true,"computed":true},"vs_ref":{"type":"string","description_kind":"plain","optional":true,"computed":true}},"description_kind":"plain"}},"vs_errors":{"nesting_mode":"list","block":{"attributes":{"reason":{"type":["list","string"],"description_kind":"plain","optional":true},"se_group_ha_mode":{"type":"string","description_kind":"plain","optional":true,"computed":true},"se_group_ref":{"type":"string","description_kind":"plain","optional":true,"computed":true},"se_ref":{"type":"string","description_kind":"plain","optional":true,"computed":true},"tenant_ref":{"type":"string","description_kind":"plain","optional":true,"computed":true},"traffic_status":{"type":"string","description_kind":"plain","optional":true,"computed":true},"vip_id":{"type":"string","description_kind":"plain","optional":true,"computed":true},"vs_ref":{"type":"string","description_kind":"plain","optional":true,"computed":true}},"block_types":{"event_timestamp":{"nesting_mode":"set","block":{"attributes":{"secs":{"type":"string","description_kind":"plain","required":true},"usecs":{"type":"string","description_kind":"plain","required":true}},"description_kind":"plain"}}},"description_kind":"plain"}}},"description_kind":"plain"}},"state":{"nesting_mode":"set","block":{"attributes":{"reason":{"type":"string","description_kind":"plain","optional":true,"computed":true},"rebooted":{"type":"string","description_kind":"plain","optional":true,"computed":true},"state":{"type":"string","description_kind":"plain","optional":true,"computed":true}},"block_types":{"last_changed_time":{"nesting_mode":"set","block":{"attributes":{"secs":{"type":"string","description_kind":"plain","required":true},"usecs":{"type":"string","description_kind":"plain","required":true}},"description_kind":"plain"}}},"description_kind":"plain"}},"upgrade_events":{"nesting_mode":"list","block":{"attributes":{"task":{"type":"string","description_kind":"plain","optional":true,"computed":true},"task_name":{"type":"string","description_kind":"plain","optional":true,"computed":true}},"block_types":{"nodes_events":{"nesting_mode":"list","block":{"attributes":{"duration":{"type":"string","description_kind":"plain","optional":true,"computed":true},"end_time":{"type":"string","description_kind":"plain","optional":true,"computed":true},"message":{"type":"string","description_kind":"plain","optional":true,"computed":true},"start_time":{"type":"string","description_kind":"plain","optional":true,"computed":true},"status":{"type":"string","description_kind":"plain","optional":true},"sub_tasks":{"type":["list","string"],"description_kind":"plain","optional":true}},"block_types":{"ip":{"nesting_mode":"set","block":{"attributes":{"addr":{"type":"string","description_kind":"plain","required":true},"type":{"type":"string","description_kind":"plain","required":true}},"description_kind":"plain"}}},"description_kind":"plain"}},"sub_events":{"nesting_mode":"list","block":{"attributes":{"duration":{"type":"string","description_kind":"plain","optional":true,"computed":true},"end_time":{"type":"string","description_kind":"plain","optional":true,"computed":true},"message":{"type":"string","description_kind":"plain","optional":true,"computed":true},"start_time":{"type":"string","description_kind":"plain","optional":true,"computed":true},"status":{"type":"string","description_kind":"plain","optional":true},"sub_tasks":{"type":["list","string"],"description_kind":"plain","optional":true}},"block_types":{"ip":{"nesting_mode":"set","block":{"attributes":{"addr":{"type":"string","description_kind":"plain","required":true},"type":{"type":"string","description_kind":"plain","required":true}},"description_kind":"plain"}}},"description_kind":"plain"}}},"description_kind":"plain"}}},"description_kind":"plain"}},"params":{"nesting_mode":"set","block":{"attributes":{"image_ref":{"type":"string","description_kind":"plain","optional":true,"computed":true},"patch_ref":{"type":"string","description_kind":"plain","optional":true,"computed":true}},"block_types":{"se_group_options":{"nesting_mode":"set","block":{"attributes":{"action_on_error":{"type":"string","description_kind":"plain","optional":true},"disruptive":{"type":"string","description_kind":"plain","optional":true}},"description_kind":"plain"}},"se_group_resume_options":{"nesting_mode":"set","block":{"attributes":{"action_on_error":{"type":"string","description_kind":"plain","optional":true},"disruptive":{"type":"string","description_kind":"plain","optional":true},"skip_suspended":{"type":"string","description_kind":"plain","optional":true}},"description_kind":"plain"}}},"description_kind":"plain"}},"patch_list":{"nesting_mode":"list","block":{"attributes":{"patch_image_path":{"type":"string","description_kind":"plain","optional":true,"computed":true},"patch_image_ref":{"type":"string","description_kind":"plain","optional":true,"computed":true},"patch_version":{"type":"string","description_kind":"plain","optional":true,"computed":true}},"description_kind":"plain"}},"previous_patch_list":{"nesting_mode":"list","block":{"attributes":{"patch_image_path":{"type":"string","description_kind":"plain","optional":true,"computed":true},"patch_image_ref":{"type":"string","description_kind":"plain","optional":true,"computed":true},"patch_version":{"type":"string","description_kind":"plain","optional":true,"computed":true}},"description_kind":"plain"}},"se_upgrade_events":{"nesting_mode":"list","block":{"attributes":{"from_se_ref":{"type":"string","description_kind":"plain","optional":true,"computed":true},"num_se":{"type":"string","description_kind":"plain","optional":true,"computed":true},"num_se_group":{"type":"string","description_kind":"plain","optional":true,"computed":true},"num_vs":{"type":"string","description_kind":"plain","optional":true,"computed":true},"reason":{"type":["list","string"],"description_kind":"plain","optional":true},"se_group_ha_mode":{"type":"string","description_kind":"plain","optional":true,"computed":true},"se_group_ref":{"type":"string","description_kind":"plain","optional":true,"computed":true},"se_ref":{"type":"string","description_kind":"plain","optional":true,"computed":true},"sub_tasks":{"type":["list","string"],"description_kind":"plain","optional":true},"task":{"type":"string","description_kind":"plain","optional":true,"computed":true},"to_se_ref":{"type":"string","description_kind":"plain","optional":true,"computed":true},"traffic_status":{"type":"string","description_kind":"plain","optional":true,"computed":true},"vs_ref":{"type":"string","description_kind":"plain","optional":true,"computed":true}},"description_kind":"plain"}},"seg_params":{"nesting_mode":"set","block":{"attributes":{"image_ref":{"type":"string","description_kind":"plain","optional":true,"computed":true},"patch_ref":{"type":"string","description_kind":"plain","optional":true,"computed":true}},"block_types":{"se_group_options":{"nesting_mode":"set","block":{"attributes":{"action_on_error":{"type":"string","description_kind":"plain","optional":true},"disruptive":{"type":"string","description_kind":"plain","optional":true}},"description_kind":"plain"}},"se_group_resume_options":{"nesting_mode":"set","block":{"attributes":{"action_on_error":{"type":"string","description_kind":"plain","optional":true},"disruptive":{"type":"string","description_kind":"plain","optional":true},"skip_suspended":{"type":"string","description_kind":"plain","optional":true}},"description_kind":"plain"}}},"description_kind":"plain"}},"seg_status":{"nesting_mode":"set","block":{"attributes":{"controller_version":{"type":"string","description_kind":"plain","optional":true,"computed":true},"disrupted_vs_ref":{"type":["list","string"],"description_kind":"plain","optional":true},"duration":{"type":"string","description_kind":"plain","optional":true,"computed":true},"end_time":{"type":"string","description_kind":"plain","optional":true,"computed":true},"enqueue_time":{"type":"string","description_kind":"plain","optional":true,"computed":true},"ha_mode":{"type":"string","description_kind":"plain","optional":true,"computed":true},"in_progress":{"type":"string","description_kind":"plain","optional":true,"computed":true},"notes":{"type":["list","string"],"description_kind":"plain","optional":true},"num_se":{"type":"string","description_kind":"plain","optional":true,"computed":true},"num_se_with_no_vs":{"type":"string","description_kind":"plain","optional":true,"computed":true},"num_se_with_vs_not_scaledout":{"type":"string","description_kind":"plain","optional":true,"computed":true},"num_se_with_vs_scaledout":{"type":"string","description_kind":"plain","optional":true,"computed":true},"num_vs":{"type":"string","description_kind":"plain","optional":true,"computed":true},"num_vs_disrupted":{"type":"string","description_kind":"plain","optional":true,"computed":true},"progress":{"type":"string","description_kind":"plain","optional":true,"computed":true},"reason":{"type":["list","string"],"description_kind":"plain","optional":true},"request_time":{"type":"string","description_kind":"plain","optional":true,"computed":true},"se_already_upgraded_at_start":{"type":["list","string"],"description_kind":"plain","optional":true},"se_disconnected_at_start":{"type":["list","string"],"description_kind":"plain","optional":true},"se_group_name":{"type":"string","description_kind":"plain","optional":true,"computed":true},"se_group_uuid":{"type":"string","description_kind":"plain","optional":true,"computed":true},"se_ip_missing_at_start":{"type":["list","string"],"description_kind":"plain","optional":true},"se_poweredoff_at_start":{"type":["list","string"],"description_kind":"plain","optional":true},"se_reboot_in_progress_ref":{"type":"string","description_kind":"plain","optional":true,"computed":true},"se_upgrade_completed":{"type":["list","string"],"description_kind":"plain","optional":true},"se_upgrade_failed":{"type":["list","string"],"description_kind":"plain","optional":true},"se_upgrade_in_progress":{"type":["list","string"],"description_kind":"plain","optional":true},"se_upgrade_not_started":{"type":["list","string"],"description_kind":"plain","optional":true},"se_upgrade_skip_suspended":{"type":["list","string"],"description_kind":"plain","optional":true},"se_upgrade_suspended":{"type":["list","string"],"description_kind":"plain","optional":true},"se_with_no_vs":{"type":["list","string"],"description_kind":"plain","optional":true},"se_with_vs_not_scaledout":{"type":["list","string"],"description_kind":"plain","optional":true},"se_with_vs_scaledout":{"type":["list","string"],"description_kind":"plain","optional":true},"start_time":{"type":"string","description_kind":"plain","optional":true,"computed":true},"state":{"type":"string","description_kind":"plain","optional":true,"computed":true},"tenant_ref":{"type":"string","description_kind":"plain","optional":true,"computed":true},"thread":{"type":"string","description_kind":"plain","optional":true,"computed":true},"traffic_status":{"type":"string","description_kind":"plain","optional":true,"computed":true},"vs_migrate_in_progress_ref":{"type":["list","string"],"description_kind":"plain","optional":true},"vs_scalein_in_progress_ref":{"type":["list","string"],"description_kind":"plain","optional":true},"vs_scaleout_in_progress_ref":{"type":["list","string"],"description_kind":"plain","optional":true},"worker":{"type":"string","description_kind":"plain","optional":true,"computed":true}},"block_types":{"se_upgrade_errors":{"nesting_mode":"list","block":{"attributes":{"from_se_ref":{"type":"string","description_kind":"plain","optional":true,"computed":true},"num_se":{"type":"string","description_kind":"plain","optional":true,"computed":true},"num_se_group":{"type":"string","description_kind":"plain","optional":true,"computed":true},"num_vs":{"type":"string","description_kind":"plain","optional":true,"computed":true},"reason":{"type":["list","string"],"description_kind":"plain","optional":true},"se_group_ha_mode":{"type":"string","description_kind":"plain","optional":true,"computed":true},"se_group_ref":{"type":"string","description_kind":"plain","optional":true,"computed":true},"se_ref":{"type":"string","description_kind":"plain","optional":true,"computed":true},"sub_tasks":{"type":["list","string"],"description_kind":"plain","optional":true},"task":{"type":"string","description_kind":"plain","optional":true,"computed":true},"to_se_ref":{"type":"string","description_kind":"plain","optional":true,"computed":true},"traffic_status":{"type":"string","description_kind":"plain","optional":true,"computed":true},"vs_ref":{"type":"string","description_kind":"plain","optional":true,"computed":true}},"description_kind":"plain"}},"vs_errors":{"nesting_mode":"list","block":{"attributes":{"reason":{"type":["list","string"],"description_kind":"plain","optional":true},"se_group_ha_mode":{"type":"string","description_kind":"plain","optional":true,"computed":true},"se_group_ref":{"type":"string","description_kind":"plain","optional":true,"computed":true},"se_ref":{"type":"string","description_kind":"plain","optional":true,"computed":true},"tenant_ref":{"type":"string","description_kind":"plain","optional":true,"computed":true},"traffic_status":{"type":"string","description_kind":"plain","optional":true,"computed":true},"vip_id":{"type":"string","description_kind":"plain","optional":true,"computed":true},"vs_ref":{"type":"string","description_kind":"plain","optional":true,"computed":true}},"block_types":{"event_timestamp":{"nesting_mode":"set","block":{"attributes":{"secs":{"type":"string","description_kind":"plain","required":true},"usecs":{"type":"string","description_kind":"plain","required":true}},"description_kind":"plain"}}},"description_kind":"plain"}}},"description_kind":"plain"}},"state":{"nesting_mode":"set","block":{"attributes":{"reason":{"type":"string","description_kind":"plain","optional":true,"computed":true},"rebooted":{"type":"string","description_kind":"plain","optional":true,"computed":true},"state":{"type":"string","description_kind":"plain","optional":true,"computed":true}},"block_types":{"last_changed_time":{"nesting_mode":"set","block":{"attributes":{"secs":{"type":"string","description_kind":"plain","required":true},"usecs":{"type":"string","description_kind":"plain","required":true}},"description_kind":"plain"}}},"description_kind":"plain"}},"upgrade_events":{"nesting_mode":"list","block":{"attributes":{"task":{"type":"string","description_kind":"plain","optional":true,"computed":true},"task_name":{"type":"string","description_kind":"plain","optional":true,"computed":true}},"block_types":{"nodes_events":{"nesting_mode":"list","block":{"attributes":{"duration":{"type":"string","description_kind":"plain","optional":true,"computed":true},"end_time":{"type":"string","description_kind":"plain","optional":true,"computed":true},"message":{"type":"string","description_kind":"plain","optional":true,"computed":true},"start_time":{"type":"string","description_kind":"plain","optional":true,"computed":true},"status":{"type":"string","description_kind":"plain","optional":true},"sub_tasks":{"type":["list","string"],"description_kind":"plain","optional":true}},"block_types":{"ip":{"nesting_mode":"set","block":{"attributes":{"addr":{"type":"string","description_kind":"plain","required":true},"type":{"type":"string","description_kind":"plain","required":true}},"description_kind":"plain"}}},"description_kind":"plain"}},"sub_events":{"nesting_mode":"list","block":{"attributes":{"duration":{"type":"string","description_kind":"plain","optional":true,"computed":true},"end_time":{"type":"string","description_kind":"plain","optional":true,"computed":true},"message":{"type":"string","description_kind":"plain","optional":true,"computed":true},"start_time":{"type":"string","description_kind":"plain","optional":true,"computed":true},"status":{"type":"string","description_kind":"plain","optional":true},"sub_tasks":{"type":["list","string"],"description_kind":"plain","optional":true}},"block_types":{"ip":{"nesting_mode":"set","block":{"attributes":{"addr":{"type":"string","description_kind":"plain","required":true},"type":{"type":"string","description_kind":"plain","required":true}},"description_kind":"plain"}}},"description_kind":"plain"}}},"description_kind":"plain"}}},"description_kind":"plain"}},"avi_upgradestatussummary":{"version":0,"block":{"attributes":{"enable_patch_rollback":{"type":"string","description_kind":"plain","optional":true},"enable_rollback":{"type":"string","description_kind":"plain","optional":true},"end_time":{"type":"string","description_kind":"plain","optional":true,"computed":true},"id":{"type":"string","description_kind":"plain","optional":true,"computed":true},"image_ref":{"type":"string","description_kind":"plain","optional":true,"computed":true},"name":{"type":"string","description_kind":"plain","optional":true,"computed":true},"node_type":{"type":"string","description_kind":"plain","optional":true,"computed":true},"obj_cloud_ref":{"type":"string","description_kind":"plain","optional":true,"computed":true},"patch_image_ref":{"type":"string","description_kind":"plain","optional":true,"computed":true},"start_time":{"type":"string","description_kind":"plain","optional":true,"computed":true},"tasks_completed":{"type":"string","description_kind":"plain","optional":true,"computed":true},"tenant_ref":{"type":"string","description_kind":"plain","optional":true,"computed":true},"total_tasks":{"type":"string","description_kind":"plain","optional":true,"computed":true},"upgrade_ops":{"type":"string","description_kind":"plain","optional":true,"computed":true},"uuid":{"type":"string","description_kind":"plain","optional":true,"computed":true},"version":{"type":"string","description_kind":"plain","optional":true,"computed":true}},"block_types":{"state":{"nesting_mode":"set","block":{"attributes":{"reason":{"type":"string","description_kind":"plain","optional":true,"computed":true},"rebooted":{"type":"string","description_kind":"plain","optional":true,"computed":true},"state":{"type":"string","description_kind":"plain","optional":true,"computed":true}},"block_types":{"last_changed_time":{"nesting_mode":"set","block":{"attributes":{"secs":{"type":"string","description_kind":"plain","required":true},"usecs":{"type":"string","description_kind":"plain","required":true}},"description_kind":"plain"}}},"description_kind":"plain"}}},"description_kind":"plain"}},"avi_user":{"version":0,"block":{"attributes":{"default_tenant_ref":{"type":"string","description_kind":"plain","optional":true,"computed":true},"email":{"type":"string","description_kind":"plain","optional":true,"computed":true},"full_name":{"type":"string","description_kind":"plain","optional":true,"computed":true},"id":{"type":"string","description_kind":"plain","optional":true,"computed":true},"is_superuser":{"type":"string","description_kind":"plain","optional":true},"local":{"type":"string","description_kind":"plain","optional":true,"computed":true},"name":{"type":"string","description_kind":"plain","required":true},"password":{"type":"string","description_kind":"plain","optional":true,"computed":true,"sensitive":true},"user_profile_ref":{"type":"string","description_kind":"plain","optional":true,"computed":true},"username":{"type":"string","description_kind":"plain","optional":true,"computed":true},"uuid":{"type":"string","description_kind":"plain","optional":true,"computed":true}},"block_types":{"access":{"nesting_mode":"list","block":{"attributes":{"all_tenants":{"type":"string","description_kind":"plain","optional":true},"role_ref":{"type":"string","description_kind":"plain","optional":true,"computed":true},"tenant_ref":{"type":"string","description_kind":"plain","optional":true,"computed":true}},"description_kind":"plain"}}},"description_kind":"plain"}},"avi_useraccount":{"version":0,"block":{"attributes":{"email":{"type":"string","description_kind":"plain","optional":true},"full_name":{"type":"string","description_kind":"plain","optional":true},"id":{"type":"string","description_kind":"plain","optional":true,"computed":true},"local":{"type":"bool","description_kind":"plain","optional":true},"name":{"type":"string","description_kind":"plain","optional":true},"old_password":{"type":"string","description_kind":"plain","optional":true},"password":{"type":"string","description_kind":"plain","optional":true},"username":{"type":"string","description_kind":"plain","optional":true}},"description_kind":"plain"}},"avi_useraccountprofile":{"version":0,"block":{"attributes":{"account_lock_timeout":{"type":"string","description_kind":"plain","optional":true},"credentials_timeout_threshold":{"type":"string","description_kind":"plain","optional":true},"id":{"type":"string","description_kind":"plain","optional":true,"computed":true},"max_concurrent_sessions":{"type":"string","description_kind":"plain","optional":true},"max_login_failure_count":{"type":"string","description_kind":"plain","optional":true},"max_password_history_count":{"type":"string","description_kind":"plain","optional":true},"name":{"type":"string","description_kind":"plain","required":true},"uuid":{"type":"string","description_kind":"plain","optional":true,"computed":true}},"block_types":{"configpb_attributes":{"nesting_mode":"set","block":{"attributes":{"version":{"type":"string","description_kind":"plain","optional":true,"computed":true}},"description_kind":"plain"}}},"description_kind":"plain"}},"avi_vcenterserver":{"version":0,"block":{"attributes":{"cloud_ref":{"type":"string","description_kind":"plain","optional":true,"computed":true},"id":{"type":"string","description_kind":"plain","optional":true,"computed":true},"name":{"type":"string","description_kind":"plain","required":true},"tenant_ref":{"type":"string","description_kind":"plain","optional":true,"computed":true},"uuid":{"type":"string","description_kind":"plain","optional":true,"computed":true},"vcenter_credentials_ref":{"type":"string","description_kind":"plain","required":true},"vcenter_url":{"type":"string","description_kind":"plain","required":true}},"block_types":{"configpb_attributes":{"nesting_mode":"set","block":{"attributes":{"version":{"type":"string","description_kind":"plain","optional":true,"computed":true}},"description_kind":"plain"}},"content_lib":{"nesting_mode":"set","block":{"attributes":{"id":{"type":"string","description_kind":"plain","optional":true,"computed":true},"name":{"type":"string","description_kind":"plain","optional":true,"computed":true}},"description_kind":"plain"},"min_items":1}},"description_kind":"plain"}},"avi_virtualservice":{"version":0,"block":{"attributes":{"active_standby_se_tag":{"type":"string","description_kind":"plain","optional":true},"advertise_down_vs":{"type":"string","description_kind":"plain","optional":true},"allow_invalid_client_cert":{"type":"string","description_kind":"plain","optional":true},"analytics_profile_ref":{"type":"string","description_kind":"plain","optional":true,"computed":true},"application_profile_ref":{"type":"string","description_kind":"plain","optional":true,"computed":true},"bgp_peer_labels":{"type":["list","string"],"description_kind":"plain","optional":true},"bot_policy_ref":{"type":"string","description_kind":"plain","optional":true,"computed":true},"bulk_sync_kvcache":{"type":"string","description_kind":"plain","optional":true},"close_client_conn_on_config_update":{"type":"string","description_kind":"plain","optional":true},"cloud_config_cksum":{"type":"string","description_kind":"plain","optional":true,"computed":true},"cloud_ref":{"type":"string","description_kind":"plain","optional":true,"computed":true},"cloud_type":{"type":"string","description_kind":"plain","optional":true},"created_by":{"type":"string","description_kind":"plain","optional":true,"computed":true},"delay_fairness":{"type":"string","description_kind":"plain","optional":true},"description":{"type":"string","description_kind":"plain","optional":true,"computed":true},"east_west_placement":{"type":"string","description_kind":"plain","optional":true},"enable_autogw":{"type":"string","description_kind":"plain","optional":true},"enable_rhi":{"type":"string","description_kind":"plain","optional":true,"computed":true},"enable_rhi_snat":{"type":"string","description_kind":"plain","optional":true,"computed":true},"enabled":{"type":"string","description_kind":"plain","optional":true},"error_page_profile_ref":{"type":"string","description_kind":"plain","optional":true,"computed":true},"flow_dist":{"type":"string","description_kind":"plain","optional":true},"flow_label_type":{"type":"string","description_kind":"plain","optional":true},"fqdn":{"type":"string","description_kind":"plain","optional":true,"computed":true},"host_name_xlate":{"type":"string","description_kind":"plain","optional":true,"computed":true},"icap_request_profile_refs":{"type":["list","string"],"description_kind":"plain","optional":true},"id":{"type":"string","description_kind":"plain","optional":true,"computed":true},"ign_pool_net_reach":{"type":"string","description_kind":"plain","optional":true},"limit_doser":{"type":"string","description_kind":"plain","optional":true},"max_cps_per_client":{"type":"string","description_kind":"plain","optional":true},"microservice_ref":{"type":"string","description_kind":"plain","optional":true,"computed":true},"min_pools_up":{"type":"string","description_kind":"plain","optional":true,"computed":true},"name":{"type":"string","description_kind":"plain","required":true},"network_profile_ref":{"type":"string","description_kind":"plain","optional":true,"computed":true},"network_security_policy_ref":{"type":"string","description_kind":"plain","optional":true,"computed":true},"nsx_securitygroup":{"type":["list","string"],"description_kind":"plain","optional":true},"pool_group_ref":{"type":"string","description_kind":"plain","optional":true,"computed":true},"pool_ref":{"type":"string","description_kind":"plain","optional":true,"computed":true},"remove_listening_port_on_vs_down":{"type":"string","description_kind":"plain","optional":true},"scaleout_ecmp":{"type":"string","description_kind":"plain","optional":true},"se_group_ref":{"type":"string","description_kind":"plain","optional":true,"computed":true},"security_policy_ref":{"type":"string","description_kind":"plain","optional":true,"computed":true},"server_network_profile_ref":{"type":"string","description_kind":"plain","optional":true,"computed":true},"service_metadata":{"type":"string","description_kind":"plain","optional":true,"computed":true},"ssl_key_and_certificate_refs":{"type":["list","string"],"description_kind":"plain","optional":true},"ssl_profile_ref":{"type":"string","description_kind":"plain","optional":true,"computed":true},"ssl_sess_cache_avg_size":{"type":"string","description_kind":"plain","optional":true},"sso_policy_ref":{"type":"string","description_kind":"plain","optional":true,"computed":true},"tenant_ref":{"type":"string","description_kind":"plain","optional":true,"computed":true},"test_se_datastore_level_1_ref":{"type":"string","description_kind":"plain","optional":true,"computed":true},"traffic_clone_profile_ref":{"type":"string","description_kind":"plain","optional":true,"computed":true},"traffic_enabled":{"type":"string","description_kind":"plain","optional":true},"type":{"type":"string","description_kind":"plain","optional":true},"use_bridge_ip_as_vip":{"type":"string","description_kind":"plain","optional":true},"use_vip_as_snat":{"type":"string","description_kind":"plain","optional":true},"uuid":{"type":"string","description_kind":"plain","optional":true,"computed":true},"vh_domain_name":{"type":["list","string"],"description_kind":"plain","optional":true},"vh_parent_vs_uuid":{"type":"string","description_kind":"plain","optional":true,"computed":true},"vh_type":{"type":"string","description_kind":"plain","optional":true},"vrf_context_ref":{"type":"string","description_kind":"plain","optional":true,"computed":true},"vsvip_cloud_config_cksum":{"type":"string","description_kind":"plain","optional":true,"computed":true},"vsvip_ref":{"type":"string","description_kind":"plain","optional":true,"computed":true},"waf_policy_ref":{"type":"string","description_kind":"plain","optional":true,"computed":true},"weight":{"type":"string","description_kind":"plain","optional":true}},"block_types":{"analytics_policy":{"nesting_mode":"set","block":{"attributes":{"all_headers":{"type":"string","description_kind":"plain","optional":true},"client_insights":{"type":"string","description_kind":"plain","optional":true},"significant_log_throttle":{"type":"string","description_kind":"plain","optional":true},"udf_log_throttle":{"type":"string","description_kind":"plain","optional":true}},"block_types":{"client_insights_sampling":{"nesting_mode":"set","block":{"block_types":{"client_ip":{"nesting_mode":"set","block":{"attributes":{"group_refs":{"type":["list","string"],"description_kind":"plain","optional":true},"match_criteria":{"type":"string","description_kind":"plain","required":true}},"block_types":{"addrs":{"nesting_mode":"list","block":{"attributes":{"addr":{"type":"string","description_kind":"plain","required":true},"type":{"type":"string","description_kind":"plain","required":true}},"description_kind":"plain"}},"prefixes":{"nesting_mode":"list","block":{"attributes":{"mask":{"type":"string","description_kind":"plain","required":true}},"block_types":{"ip_addr":{"nesting_mode":"set","block":{"attributes":{"addr":{"type":"string","description_kind":"plain","required":true},"type":{"type":"string","description_kind":"plain","required":true}},"description_kind":"plain"},"min_items":1}},"description_kind":"plain"}},"ranges":{"nesting_mode":"list","block":{"block_types":{"begin":{"nesting_mode":"set","block":{"attributes":{"addr":{"type":"string","description_kind":"plain","required":true},"type":{"type":"string","description_kind":"plain","required":true}},"description_kind":"plain"},"min_items":1},"end":{"nesting_mode":"set","block":{"attributes":{"addr":{"type":"string","description_kind":"plain","required":true},"type":{"type":"string","description_kind":"plain","required":true}},"description_kind":"plain"},"min_items":1}},"description_kind":"plain"}}},"description_kind":"plain"}},"sample_uris":{"nesting_mode":"set","block":{"attributes":{"match_criteria":{"type":"string","description_kind":"plain","required":true},"match_str":{"type":["list","string"],"description_kind":"plain","optional":true},"string_group_refs":{"type":["list","string"],"description_kind":"plain","optional":true}},"description_kind":"plain"}},"skip_uris":{"nesting_mode":"set","block":{"attributes":{"match_criteria":{"type":"string","description_kind":"plain","required":true},"match_str":{"type":["list","string"],"description_kind":"plain","optional":true},"string_group_refs":{"type":["list","string"],"description_kind":"plain","optional":true}},"description_kind":"plain"}}},"description_kind":"plain"}},"client_log_filters":{"nesting_mode":"list","block":{"attributes":{"all_headers":{"type":"string","description_kind":"plain","optional":true},"duration":{"type":"string","description_kind":"plain","optional":true},"enabled":{"type":"string","description_kind":"plain","required":true},"index":{"type":"string","description_kind":"plain","required":true},"name":{"type":"string","description_kind":"plain","required":true}},"block_types":{"client_ip":{"nesting_mode":"set","block":{"attributes":{"group_refs":{"type":["list","string"],"description_kind":"plain","optional":true},"match_criteria":{"type":"string","description_kind":"plain","required":true}},"block_types":{"addrs":{"nesting_mode":"list","block":{"attributes":{"addr":{"type":"string","description_kind":"plain","required":true},"type":{"type":"string","description_kind":"plain","required":true}},"description_kind":"plain"}},"prefixes":{"nesting_mode":"list","block":{"attributes":{"mask":{"type":"string","description_kind":"plain","required":true}},"block_types":{"ip_addr":{"nesting_mode":"set","block":{"attributes":{"addr":{"type":"string","description_kind":"plain","required":true},"type":{"type":"string","description_kind":"plain","required":true}},"description_kind":"plain"},"min_items":1}},"description_kind":"plain"}},"ranges":{"nesting_mode":"list","block":{"block_types":{"begin":{"nesting_mode":"set","block":{"attributes":{"addr":{"type":"string","description_kind":"plain","required":true},"type":{"type":"string","description_kind":"plain","required":true}},"description_kind":"plain"},"min_items":1},"end":{"nesting_mode":"set","block":{"attributes":{"addr":{"type":"string","description_kind":"plain","required":true},"type":{"type":"string","description_kind":"plain","required":true}},"description_kind":"plain"},"min_items":1}},"description_kind":"plain"}}},"description_kind":"plain"}},"uri":{"nesting_mode":"set","block":{"attributes":{"match_criteria":{"type":"string","description_kind":"plain","required":true},"match_str":{"type":["list","string"],"description_kind":"plain","optional":true},"string_group_refs":{"type":["list","string"],"description_kind":"plain","optional":true}},"description_kind":"plain"}}},"description_kind":"plain"}},"full_client_logs":{"nesting_mode":"set","block":{"attributes":{"duration":{"type":"string","description_kind":"plain","optional":true},"enabled":{"type":"string","description_kind":"plain","required":true},"throttle":{"type":"string","description_kind":"plain","optional":true}},"description_kind":"plain"}},"learning_log_policy":{"nesting_mode":"set","block":{"attributes":{"enabled":{"type":"string","description_kind":"plain","optional":true},"host":{"type":"string","description_kind":"plain","optional":true,"computed":true},"port":{"type":"string","description_kind":"plain","optional":true,"computed":true}},"description_kind":"plain"}},"metrics_realtime_update":{"nesting_mode":"set","block":{"attributes":{"duration":{"type":"string","description_kind":"plain","optional":true},"enabled":{"type":"string","description_kind":"plain","required":true}},"description_kind":"plain"}}},"description_kind":"plain"}},"configpb_attributes":{"nesting_mode":"set","block":{"attributes":{"version":{"type":"string","description_kind":"plain","optional":true,"computed":true}},"description_kind":"plain"}},"connections_rate_limit":{"nesting_mode":"set","block":{"attributes":{"explicit_tracking":{"type":"string","description_kind":"plain","optional":true},"fine_grain":{"type":"string","description_kind":"plain","optional":true},"http_cookie":{"type":"string","description_kind":"plain","optional":true,"computed":true},"http_header":{"type":"string","description_kind":"plain","optional":true,"computed":true}},"block_types":{"action":{"nesting_mode":"set","block":{"attributes":{"status_code":{"type":"string","description_kind":"plain","optional":true},"type":{"type":"string","description_kind":"plain","optional":true}},"block_types":{"file":{"nesting_mode":"set","block":{"attributes":{"content_type":{"type":"string","description_kind":"plain","required":true},"file_content":{"type":"string","description_kind":"plain","required":true},"file_length":{"type":"string","description_kind":"plain","optional":true,"computed":true}},"description_kind":"plain"}},"redirect":{"nesting_mode":"set","block":{"attributes":{"add_string":{"type":"string","description_kind":"plain","optional":true,"computed":true},"keep_query":{"type":"string","description_kind":"plain","optional":true},"port":{"type":"string","description_kind":"plain","optional":true,"computed":true},"protocol":{"type":"string","description_kind":"plain","required":true},"status_code":{"type":"string","description_kind":"plain","optional":true}},"block_types":{"host":{"nesting_mode":"set","block":{"attributes":{"type":{"type":"string","description_kind":"plain","required":true}},"block_types":{"tokens":{"nesting_mode":"list","block":{"attributes":{"end_index":{"type":"string","description_kind":"plain","optional":true,"computed":true},"start_index":{"type":"string","description_kind":"plain","optional":true,"computed":true},"str_value":{"type":"string","description_kind":"plain","optional":true,"computed":true},"type":{"type":"string","description_kind":"plain","required":true}},"description_kind":"plain"},"min_items":1}},"description_kind":"plain"}},"path":{"nesting_mode":"set","block":{"attributes":{"type":{"type":"string","description_kind":"plain","required":true}},"block_types":{"tokens":{"nesting_mode":"list","block":{"attributes":{"end_index":{"type":"string","description_kind":"plain","optional":true,"computed":true},"start_index":{"type":"string","description_kind":"plain","optional":true,"computed":true},"str_value":{"type":"string","description_kind":"plain","optional":true,"computed":true},"type":{"type":"string","description_kind":"plain","required":true}},"description_kind":"plain"},"min_items":1}},"description_kind":"plain"}}},"description_kind":"plain"}}},"description_kind":"plain"},"min_items":1},"rate_limiter":{"nesting_mode":"set","block":{"attributes":{"burst_sz":{"type":"string","description_kind":"plain","optional":true},"count":{"type":"string","description_kind":"plain","optional":true},"name":{"type":"string","description_kind":"plain","optional":true,"computed":true},"period":{"type":"string","description_kind":"plain","optional":true}},"description_kind":"plain"}}},"description_kind":"plain"}},"content_rewrite":{"nesting_mode":"set","block":{"attributes":{"request_rewrite_enabled":{"type":"string","description_kind":"plain","optional":true},"response_rewrite_enabled":{"type":"string","description_kind":"plain","optional":true},"rewritable_content_ref":{"type":"string","description_kind":"plain","optional":true,"computed":true}},"block_types":{"req_match_replace_pair":{"nesting_mode":"list","block":{"attributes":{"match_string":{"type":"string","description_kind":"plain","required":true}},"block_types":{"replacement_string":{"nesting_mode":"set","block":{"attributes":{"type":{"type":"string","description_kind":"plain","optional":true,"computed":true},"val":{"type":"string","description_kind":"plain","optional":true,"computed":true}},"description_kind":"plain"}}},"description_kind":"plain"}},"rsp_match_replace_pair":{"nesting_mode":"list","block":{"attributes":{"match_string":{"type":"string","description_kind":"plain","required":true}},"block_types":{"replacement_string":{"nesting_mode":"set","block":{"attributes":{"type":{"type":"string","description_kind":"plain","optional":true,"computed":true},"val":{"type":"string","description_kind":"plain","optional":true,"computed":true}},"description_kind":"plain"}}},"description_kind":"plain"}}},"description_kind":"plain"}},"dns_info":{"nesting_mode":"list","block":{"attributes":{"algorithm":{"type":"string","description_kind":"plain","optional":true},"fqdn":{"type":"string","description_kind":"plain","optional":true,"computed":true},"num_records_in_response":{"type":"string","description_kind":"plain","optional":true,"computed":true},"ttl":{"type":"string","description_kind":"plain","optional":true,"computed":true},"type":{"type":"string","description_kind":"plain","optional":true}},"block_types":{"cname":{"nesting_mode":"set","block":{"attributes":{"cname":{"type":"string","description_kind":"plain","required":true}},"description_kind":"plain"}}},"description_kind":"plain"}},"dns_policies":{"nesting_mode":"list","block":{"attributes":{"dns_policy_ref":{"type":"string","description_kind":"plain","required":true},"index":{"type":"string","description_kind":"plain","required":true}},"description_kind":"plain"}},"http_policies":{"nesting_mode":"list","block":{"attributes":{"http_policy_set_ref":{"type":"string","description_kind":"plain","required":true},"index":{"type":"string","description_kind":"plain","required":true}},"description_kind":"plain"}},"jwt_config":{"nesting_mode":"set","block":{"attributes":{"audience":{"type":"string","description_kind":"plain","required":true},"jwt_location":{"type":"string","description_kind":"plain","optional":true},"jwt_name":{"type":"string","description_kind":"plain","optional":true,"computed":true}},"description_kind":"plain"}},"l4_policies":{"nesting_mode":"list","block":{"attributes":{"index":{"type":"string","description_kind":"plain","required":true},"l4_policy_set_ref":{"type":"string","description_kind":"plain","required":true}},"description_kind":"plain"}},"ldap_vs_config":{"nesting_mode":"set","block":{"attributes":{"realm":{"type":"string","description_kind":"plain","optional":true,"computed":true},"se_auth_ldap_bind_timeout":{"type":"string","description_kind":"plain","optional":true},"se_auth_ldap_cache_size":{"type":"string","description_kind":"plain","optional":true},"se_auth_ldap_connect_timeout":{"type":"string","description_kind":"plain","optional":true},"se_auth_ldap_conns_per_server":{"type":"string","description_kind":"plain","optional":true},"se_auth_ldap_reconnect_timeout":{"type":"string","description_kind":"plain","optional":true},"se_auth_ldap_request_timeout":{"type":"string","description_kind":"plain","optional":true},"se_auth_ldap_servers_failover_only":{"type":"string","description_kind":"plain","optional":true}},"description_kind":"plain"}},"markers":{"nesting_mode":"list","block":{"attributes":{"key":{"type":"string","description_kind":"plain","required":true},"values":{"type":["list","string"],"description_kind":"plain","optional":true}},"description_kind":"plain"}},"performance_limits":{"nesting_mode":"set","block":{"attributes":{"max_concurrent_connections":{"type":"string","description_kind":"plain","optional":true,"computed":true},"max_throughput":{"type":"string","description_kind":"plain","optional":true,"computed":true}},"description_kind":"plain"}},"requests_rate_limit":{"nesting_mode":"set","block":{"attributes":{"explicit_tracking":{"type":"string","description_kind":"plain","optional":true},"fine_grain":{"type":"string","description_kind":"plain","optional":true},"http_cookie":{"type":"string","description_kind":"plain","optional":true,"computed":true},"http_header":{"type":"string","description_kind":"plain","optional":true,"computed":true}},"block_types":{"action":{"nesting_mode":"set","block":{"attributes":{"status_code":{"type":"string","description_kind":"plain","optional":true},"type":{"type":"string","description_kind":"plain","optional":true}},"block_types":{"file":{"nesting_mode":"set","block":{"attributes":{"content_type":{"type":"string","description_kind":"plain","required":true},"file_content":{"type":"string","description_kind":"plain","required":true},"file_length":{"type":"string","description_kind":"plain","optional":true,"computed":true}},"description_kind":"plain"}},"redirect":{"nesting_mode":"set","block":{"attributes":{"add_string":{"type":"string","description_kind":"plain","optional":true,"computed":true},"keep_query":{"type":"string","description_kind":"plain","optional":true},"port":{"type":"string","description_kind":"plain","optional":true,"computed":true},"protocol":{"type":"string","description_kind":"plain","required":true},"status_code":{"type":"string","description_kind":"plain","optional":true}},"block_types":{"host":{"nesting_mode":"set","block":{"attributes":{"type":{"type":"string","description_kind":"plain","required":true}},"block_types":{"tokens":{"nesting_mode":"list","block":{"attributes":{"end_index":{"type":"string","description_kind":"plain","optional":true,"computed":true},"start_index":{"type":"string","description_kind":"plain","optional":true,"computed":true},"str_value":{"type":"string","description_kind":"plain","optional":true,"computed":true},"type":{"type":"string","description_kind":"plain","required":true}},"description_kind":"plain"},"min_items":1}},"description_kind":"plain"}},"path":{"nesting_mode":"set","block":{"attributes":{"type":{"type":"string","description_kind":"plain","required":true}},"block_types":{"tokens":{"nesting_mode":"list","block":{"attributes":{"end_index":{"type":"string","description_kind":"plain","optional":true,"computed":true},"start_index":{"type":"string","description_kind":"plain","optional":true,"computed":true},"str_value":{"type":"string","description_kind":"plain","optional":true,"computed":true},"type":{"type":"string","description_kind":"plain","required":true}},"description_kind":"plain"},"min_items":1}},"description_kind":"plain"}}},"description_kind":"plain"}}},"description_kind":"plain"},"min_items":1},"rate_limiter":{"nesting_mode":"set","block":{"attributes":{"burst_sz":{"type":"string","description_kind":"plain","optional":true},"count":{"type":"string","description_kind":"plain","optional":true},"name":{"type":"string","description_kind":"plain","optional":true,"computed":true},"period":{"type":"string","description_kind":"plain","optional":true}},"description_kind":"plain"}}},"description_kind":"plain"}},"saml_sp_config":{"nesting_mode":"set","block":{"attributes":{"cookie_name":{"type":"string","description_kind":"plain","optional":true,"computed":true},"cookie_timeout":{"type":"string","description_kind":"plain","optional":true},"entity_id":{"type":"string","description_kind":"plain","required":true},"signing_ssl_key_and_certificate_ref":{"type":"string","description_kind":"plain","optional":true,"computed":true},"single_signon_url":{"type":"string","description_kind":"plain","required":true},"use_idp_session_timeout":{"type":"string","description_kind":"plain","optional":true,"computed":true}},"block_types":{"key":{"nesting_mode":"list","block":{"attributes":{"aes_key":{"type":"string","description_kind":"plain","optional":true,"computed":true},"hmac_key":{"type":"string","description_kind":"plain","optional":true,"computed":true},"name":{"type":"string","description_kind":"plain","optional":true,"computed":true}},"description_kind":"plain"}}},"description_kind":"plain"}},"service_pool_select":{"nesting_mode":"list","block":{"attributes":{"service_pool_group_ref":{"type":"string","description_kind":"plain","optional":true,"computed":true},"service_pool_ref":{"type":"string","description_kind":"plain","optional":true,"computed":true},"service_port":{"type":"string","description_kind":"plain","required":true},"service_port_range_end":{"type":"string","description_kind":"plain","optional":true},"service_protocol":{"type":"string","description_kind":"plain","optional":true,"computed":true}},"description_kind":"plain"}},"services":{"nesting_mode":"list","block":{"attributes":{"enable_http2":{"type":"string","description_kind":"plain","optional":true},"enable_ssl":{"type":"string","description_kind":"plain","optional":true},"override_application_profile_ref":{"type":"string","description_kind":"plain","optional":true,"computed":true},"override_network_profile_ref":{"type":"string","description_kind":"plain","optional":true,"computed":true},"port":{"type":"string","description_kind":"plain","required":true},"port_range_end":{"type":"string","description_kind":"plain","optional":true}},"description_kind":"plain"}},"sideband_profile":{"nesting_mode":"set","block":{"attributes":{"sideband_max_request_body_size":{"type":"string","description_kind":"plain","optional":true}},"block_types":{"ip":{"nesting_mode":"list","block":{"attributes":{"addr":{"type":"string","description_kind":"plain","required":true},"type":{"type":"string","description_kind":"plain","required":true}},"description_kind":"plain"}}},"description_kind":"plain"}},"snat_ip":{"nesting_mode":"list","block":{"attributes":{"addr":{"type":"string","description_kind":"plain","required":true},"type":{"type":"string","description_kind":"plain","required":true}},"description_kind":"plain"}},"ssl_profile_selectors":{"nesting_mode":"list","block":{"attributes":{"ssl_profile_ref":{"type":"string","description_kind":"plain","required":true}},"block_types":{"client_ip_list":{"nesting_mode":"set","block":{"attributes":{"group_refs":{"type":["list","string"],"description_kind":"plain","optional":true},"match_criteria":{"type":"string","description_kind":"plain","required":true}},"block_types":{"addrs":{"nesting_mode":"list","block":{"attributes":{"addr":{"type":"string","description_kind":"plain","required":true},"type":{"type":"string","description_kind":"plain","required":true}},"description_kind":"plain"}},"prefixes":{"nesting_mode":"list","block":{"attributes":{"mask":{"type":"string","description_kind":"plain","required":true}},"block_types":{"ip_addr":{"nesting_mode":"set","block":{"attributes":{"addr":{"type":"string","description_kind":"plain","required":true},"type":{"type":"string","description_kind":"plain","required":true}},"description_kind":"plain"},"min_items":1}},"description_kind":"plain"}},"ranges":{"nesting_mode":"list","block":{"block_types":{"begin":{"nesting_mode":"set","block":{"attributes":{"addr":{"type":"string","description_kind":"plain","required":true},"type":{"type":"string","description_kind":"plain","required":true}},"description_kind":"plain"},"min_items":1},"end":{"nesting_mode":"set","block":{"attributes":{"addr":{"type":"string","description_kind":"plain","required":true},"type":{"type":"string","description_kind":"plain","required":true}},"description_kind":"plain"},"min_items":1}},"description_kind":"plain"}}},"description_kind":"plain"},"min_items":1}},"description_kind":"plain"}},"static_dns_records":{"nesting_mode":"list","block":{"attributes":{"algorithm":{"type":"string","description_kind":"plain","optional":true},"delegated":{"type":"string","description_kind":"plain","optional":true},"description":{"type":"string","description_kind":"plain","optional":true,"computed":true},"fqdn":{"type":["list","string"],"description_kind":"plain","required":true},"metadata":{"type":"string","description_kind":"plain","optional":true,"computed":true},"num_records_in_response":{"type":"string","description_kind":"plain","optional":true},"ttl":{"type":"string","description_kind":"plain","optional":true,"computed":true},"type":{"type":"string","description_kind":"plain","required":true},"wildcard_match":{"type":"string","description_kind":"plain","optional":true}},"block_types":{"cname":{"nesting_mode":"set","block":{"attributes":{"cname":{"type":"string","description_kind":"plain","required":true}},"description_kind":"plain"}},"ip6_address":{"nesting_mode":"list","block":{"block_types":{"ip6_address":{"nesting_mode":"set","block":{"attributes":{"addr":{"type":"string","description_kind":"plain","required":true},"type":{"type":"string","description_kind":"plain","required":true}},"description_kind":"plain"},"min_items":1}},"description_kind":"plain"}},"ip_address":{"nesting_mode":"list","block":{"block_types":{"ip_address":{"nesting_mode":"set","block":{"attributes":{"addr":{"type":"string","description_kind":"plain","required":true},"type":{"type":"string","description_kind":"plain","required":true}},"description_kind":"plain"},"min_items":1}},"description_kind":"plain"}},"mx_records":{"nesting_mode":"list","block":{"attributes":{"host":{"type":"string","description_kind":"plain","required":true},"priority":{"type":"string","description_kind":"plain","required":true}},"description_kind":"plain"}},"ns":{"nesting_mode":"list","block":{"attributes":{"nsname":{"type":"string","description_kind":"plain","required":true}},"block_types":{"ip6_address":{"nesting_mode":"set","block":{"attributes":{"addr":{"type":"string","description_kind":"plain","required":true},"type":{"type":"string","description_kind":"plain","required":true}},"description_kind":"plain"}},"ip_address":{"nesting_mode":"set","block":{"attributes":{"addr":{"type":"string","description_kind":"plain","required":true},"type":{"type":"string","description_kind":"plain","required":true}},"description_kind":"plain"}}},"description_kind":"plain"}},"service_locator":{"nesting_mode":"list","block":{"attributes":{"port":{"type":"string","description_kind":"plain","required":true},"priority":{"type":"string","description_kind":"plain","optional":true},"target":{"type":"string","description_kind":"plain","optional":true},"weight":{"type":"string","description_kind":"plain","optional":true}},"description_kind":"plain"}},"txt_records":{"nesting_mode":"list","block":{"attributes":{"text_str":{"type":"string","description_kind":"plain","required":true}},"description_kind":"plain"}}},"description_kind":"plain"}},"topology_policies":{"nesting_mode":"list","block":{"attributes":{"dns_policy_ref":{"type":"string","description_kind":"plain","required":true},"index":{"type":"string","description_kind":"plain","required":true}},"description_kind":"plain"}},"vh_matches":{"nesting_mode":"list","block":{"attributes":{"host":{"type":"string","description_kind":"plain","required":true}},"block_types":{"path":{"nesting_mode":"list","block":{"attributes":{"match_case":{"type":"string","description_kind":"plain","optional":true},"match_criteria":{"type":"string","description_kind":"plain","required":true},"match_str":{"type":["list","string"],"description_kind":"plain","optional":true},"string_group_refs":{"type":["list","string"],"description_kind":"plain","optional":true}},"description_kind":"plain"},"min_items":1}},"description_kind":"plain"}},"vip":{"nesting_mode":"list","block":{"attributes":{"auto_allocate_floating_ip":{"type":"string","description_kind":"plain","optional":true},"auto_allocate_ip":{"type":"string","description_kind":"plain","optional":true},"auto_allocate_ip_type":{"type":"string","description_kind":"plain","optional":true},"availability_zone":{"type":"string","description_kind":"plain","optional":true,"computed":true},"avi_allocated_fip":{"type":"string","description_kind":"plain","optional":true},"avi_allocated_vip":{"type":"string","description_kind":"plain","optional":true},"enabled":{"type":"string","description_kind":"plain","optional":true},"floating_subnet6_uuid":{"type":"string","description_kind":"plain","optional":true,"computed":true},"floating_subnet_uuid":{"type":"string","description_kind":"plain","optional":true,"computed":true},"network_ref":{"type":"string","description_kind":"plain","optional":true,"computed":true},"port_uuid":{"type":"string","description_kind":"plain","optional":true,"computed":true},"prefix_length":{"type":"string","description_kind":"plain","optional":true},"subnet6_uuid":{"type":"string","description_kind":"plain","optional":true,"computed":true},"subnet_uuid":{"type":"string","description_kind":"plain","optional":true,"computed":true},"vip_id":{"type":"string","description_kind":"plain","required":true}},"block_types":{"discovered_networks":{"nesting_mode":"list","block":{"attributes":{"network_ref":{"type":"string","description_kind":"plain","required":true}},"block_types":{"subnet":{"nesting_mode":"list","block":{"attributes":{"mask":{"type":"string","description_kind":"plain","required":true}},"block_types":{"ip_addr":{"nesting_mode":"set","block":{"attributes":{"addr":{"type":"string","description_kind":"plain","required":true},"type":{"type":"string","description_kind":"plain","required":true}},"description_kind":"plain"},"min_items":1}},"description_kind":"plain"}},"subnet6":{"nesting_mode":"list","block":{"attributes":{"mask":{"type":"string","description_kind":"plain","required":true}},"block_types":{"ip_addr":{"nesting_mode":"set","block":{"attributes":{"addr":{"type":"string","description_kind":"plain","required":true},"type":{"type":"string","description_kind":"plain","required":true}},"description_kind":"plain"},"min_items":1}},"description_kind":"plain"}}},"description_kind":"plain"}},"floating_ip":{"nesting_mode":"set","block":{"attributes":{"addr":{"type":"string","description_kind":"plain","required":true},"type":{"type":"string","description_kind":"plain","required":true}},"description_kind":"plain"}},"floating_ip6":{"nesting_mode":"set","block":{"attributes":{"addr":{"type":"string","description_kind":"plain","required":true},"type":{"type":"string","description_kind":"plain","required":true}},"description_kind":"plain"}},"ip6_address":{"nesting_mode":"set","block":{"attributes":{"addr":{"type":"string","description_kind":"plain","required":true},"type":{"type":"string","description_kind":"plain","required":true}},"description_kind":"plain"}},"ip_address":{"nesting_mode":"set","block":{"attributes":{"addr":{"type":"string","description_kind":"plain","required":true},"type":{"type":"string","description_kind":"plain","required":true}},"description_kind":"plain"}},"ipam_network_subnet":{"nesting_mode":"set","block":{"attributes":{"network_ref":{"type":"string","description_kind":"plain","optional":true,"computed":true},"subnet6_uuid":{"type":"string","description_kind":"plain","optional":true,"computed":true},"subnet_uuid":{"type":"string","description_kind":"plain","optional":true,"computed":true}},"block_types":{"subnet":{"nesting_mode":"set","block":{"attributes":{"mask":{"type":"string","description_kind":"plain","required":true}},"block_types":{"ip_addr":{"nesting_mode":"set","block":{"attributes":{"addr":{"type":"string","description_kind":"plain","required":true},"type":{"type":"string","description_kind":"plain","required":true}},"description_kind":"plain"},"min_items":1}},"description_kind":"plain"}},"subnet6":{"nesting_mode":"set","block":{"attributes":{"mask":{"type":"string","description_kind":"plain","required":true}},"block_types":{"ip_addr":{"nesting_mode":"set","block":{"attributes":{"addr":{"type":"string","description_kind":"plain","required":true},"type":{"type":"string","description_kind":"plain","required":true}},"description_kind":"plain"},"min_items":1}},"description_kind":"plain"}}},"description_kind":"plain"}},"placement_networks":{"nesting_mode":"list","block":{"attributes":{"network_ref":{"type":"string","description_kind":"plain","optional":true,"computed":true}},"block_types":{"subnet":{"nesting_mode":"set","block":{"attributes":{"mask":{"type":"string","description_kind":"plain","required":true}},"block_types":{"ip_addr":{"nesting_mode":"set","block":{"attributes":{"addr":{"type":"string","description_kind":"plain","required":true},"type":{"type":"string","description_kind":"plain","required":true}},"description_kind":"plain"},"min_items":1}},"description_kind":"plain"}},"subnet6":{"nesting_mode":"set","block":{"attributes":{"mask":{"type":"string","description_kind":"plain","required":true}},"block_types":{"ip_addr":{"nesting_mode":"set","block":{"attributes":{"addr":{"type":"string","description_kind":"plain","required":true},"type":{"type":"string","description_kind":"plain","required":true}},"description_kind":"plain"},"min_items":1}},"description_kind":"plain"}}},"description_kind":"plain"}},"subnet":{"nesting_mode":"set","block":{"attributes":{"mask":{"type":"string","description_kind":"plain","required":true}},"block_types":{"ip_addr":{"nesting_mode":"set","block":{"attributes":{"addr":{"type":"string","description_kind":"plain","required":true},"type":{"type":"string","description_kind":"plain","required":true}},"description_kind":"plain"},"min_items":1}},"description_kind":"plain"}},"subnet6":{"nesting_mode":"set","block":{"attributes":{"mask":{"type":"string","description_kind":"plain","required":true}},"block_types":{"ip_addr":{"nesting_mode":"set","block":{"attributes":{"addr":{"type":"string","description_kind":"plain","required":true},"type":{"type":"string","description_kind":"plain","required":true}},"description_kind":"plain"},"min_items":1}},"description_kind":"plain"}}},"description_kind":"plain"}},"vs_datascripts":{"nesting_mode":"list","block":{"attributes":{"index":{"type":"string","description_kind":"plain","required":true},"vs_datascript_set_ref":{"type":"string","description_kind":"plain","required":true}},"description_kind":"plain"}}},"description_kind":"plain"}},"avi_vrfcontext":{"version":0,"block":{"attributes":{"cloud_ref":{"type":"string","description_kind":"plain","optional":true,"computed":true},"description":{"type":"string","description_kind":"plain","optional":true,"computed":true},"id":{"type":"string","description_kind":"plain","optional":true,"computed":true},"lldp_enable":{"type":"string","description_kind":"plain","optional":true},"name":{"type":"string","description_kind":"plain","required":true},"system_default":{"type":"string","description_kind":"plain","optional":true},"tenant_ref":{"type":"string","description_kind":"plain","optional":true,"computed":true},"uuid":{"type":"string","description_kind":"plain","optional":true,"computed":true}},"block_types":{"attrs":{"nesting_mode":"list","block":{"attributes":{"key":{"type":"string","description_kind":"plain","required":true},"value":{"type":"string","description_kind":"plain","optional":true,"computed":true}},"description_kind":"plain"}},"bfd_profile":{"nesting_mode":"set","block":{"attributes":{"minrx":{"type":"string","description_kind":"plain","optional":true},"mintx":{"type":"string","description_kind":"plain","optional":true},"multi":{"type":"string","description_kind":"plain","optional":true}},"description_kind":"plain"}},"bgp_profile":{"nesting_mode":"set","block":{"attributes":{"community":{"type":["list","string"],"description_kind":"plain","optional":true},"hold_time":{"type":"string","description_kind":"plain","optional":true},"ibgp":{"type":"string","description_kind":"plain","required":true},"keepalive_interval":{"type":"string","description_kind":"plain","optional":true},"local_as":{"type":"string","description_kind":"plain","required":true},"local_preference":{"type":"string","description_kind":"plain","optional":true,"computed":true},"num_as_path_prepend":{"type":"string","description_kind":"plain","optional":true,"computed":true},"send_community":{"type":"string","description_kind":"plain","optional":true},"shutdown":{"type":"string","description_kind":"plain","optional":true}},"block_types":{"ip_communities":{"nesting_mode":"list","block":{"attributes":{"community":{"type":["list","string"],"description_kind":"plain","required":true}},"block_types":{"ip_begin":{"nesting_mode":"set","block":{"attributes":{"addr":{"type":"string","description_kind":"plain","required":true},"type":{"type":"string","description_kind":"plain","required":true}},"description_kind":"plain"},"min_items":1},"ip_end":{"nesting_mode":"set","block":{"attributes":{"addr":{"type":"string","description_kind":"plain","required":true},"type":{"type":"string","description_kind":"plain","required":true}},"description_kind":"plain"}}},"description_kind":"plain"}},"peers":{"nesting_mode":"list","block":{"attributes":{"advertise_snat_ip":{"type":"string","description_kind":"plain","optional":true},"advertise_vip":{"type":"string","description_kind":"plain","optional":true},"advertisement_interval":{"type":"string","description_kind":"plain","optional":true},"bfd":{"type":"string","description_kind":"plain","optional":true},"connect_timer":{"type":"string","description_kind":"plain","optional":true},"ebgp_multihop":{"type":"string","description_kind":"plain","optional":true},"hold_time":{"type":"string","description_kind":"plain","optional":true,"computed":true},"ibgp_local_as_override":{"type":"string","description_kind":"plain","optional":true,"computed":true},"keepalive_interval":{"type":"string","description_kind":"plain","optional":true,"computed":true},"label":{"type":"string","description_kind":"plain","optional":true,"computed":true},"local_as":{"type":"string","description_kind":"plain","optional":true,"computed":true},"md5_secret":{"type":"string","description_kind":"plain","optional":true,"computed":true,"sensitive":true},"network_ref":{"type":"string","description_kind":"plain","optional":true,"computed":true},"remote_as":{"type":"string","description_kind":"plain","optional":true,"computed":true},"shutdown":{"type":"string","description_kind":"plain","optional":true}},"block_types":{"peer_ip":{"nesting_mode":"set","block":{"attributes":{"addr":{"type":"string","description_kind":"plain","required":true},"type":{"type":"string","description_kind":"plain","required":true}},"description_kind":"plain"}},"peer_ip6":{"nesting_mode":"set","block":{"attributes":{"addr":{"type":"string","description_kind":"plain","required":true},"type":{"type":"string","description_kind":"plain","required":true}},"description_kind":"plain"}},"subnet":{"nesting_mode":"set","block":{"attributes":{"mask":{"type":"string","description_kind":"plain","required":true}},"block_types":{"ip_addr":{"nesting_mode":"set","block":{"attributes":{"addr":{"type":"string","description_kind":"plain","required":true},"type":{"type":"string","description_kind":"plain","required":true}},"description_kind":"plain"},"min_items":1}},"description_kind":"plain"}},"subnet6":{"nesting_mode":"set","block":{"attributes":{"mask":{"type":"string","description_kind":"plain","required":true}},"block_types":{"ip_addr":{"nesting_mode":"set","block":{"attributes":{"addr":{"type":"string","description_kind":"plain","required":true},"type":{"type":"string","description_kind":"plain","required":true}},"description_kind":"plain"},"min_items":1}},"description_kind":"plain"}}},"description_kind":"plain"}},"routing_options":{"nesting_mode":"list","block":{"attributes":{"advertise_default_route":{"type":"string","description_kind":"plain","optional":true,"computed":true},"advertise_learned_routes":{"type":"string","description_kind":"plain","optional":true,"computed":true},"label":{"type":"string","description_kind":"plain","required":true},"learn_only_default_route":{"type":"string","description_kind":"plain","optional":true,"computed":true},"learn_routes":{"type":"string","description_kind":"plain","optional":true,"computed":true},"max_learn_limit":{"type":"string","description_kind":"plain","optional":true}},"description_kind":"plain"}}},"description_kind":"plain"}},"configpb_attributes":{"nesting_mode":"set","block":{"attributes":{"version":{"type":"string","description_kind":"plain","optional":true,"computed":true}},"description_kind":"plain"}},"debugvrfcontext":{"nesting_mode":"set","block":{"attributes":{"command_buffer_interval":{"type":"string","description_kind":"plain","optional":true},"command_buffer_size":{"type":"string","description_kind":"plain","optional":true}},"block_types":{"flags":{"nesting_mode":"list","block":{"attributes":{"flag":{"type":"string","description_kind":"plain","required":true}},"description_kind":"plain"}}},"description_kind":"plain"}},"gateway_mon":{"nesting_mode":"list","block":{"attributes":{"gateway_monitor_fail_threshold":{"type":"string","description_kind":"plain","optional":true},"gateway_monitor_interval":{"type":"string","description_kind":"plain","optional":true},"gateway_monitor_success_threshold":{"type":"string","description_kind":"plain","optional":true}},"block_types":{"gateway_ip":{"nesting_mode":"set","block":{"attributes":{"addr":{"type":"string","description_kind":"plain","required":true},"type":{"type":"string","description_kind":"plain","required":true}},"description_kind":"plain"},"min_items":1},"subnet":{"nesting_mode":"set","block":{"attributes":{"mask":{"type":"string","description_kind":"plain","required":true}},"block_types":{"ip_addr":{"nesting_mode":"set","block":{"attributes":{"addr":{"type":"string","description_kind":"plain","required":true},"type":{"type":"string","description_kind":"plain","required":true}},"description_kind":"plain"},"min_items":1}},"description_kind":"plain"}}},"description_kind":"plain"}},"internal_gateway_monitor":{"nesting_mode":"set","block":{"attributes":{"disable_gateway_monitor":{"type":"string","description_kind":"plain","optional":true},"gateway_monitor_failure_threshold":{"type":"string","description_kind":"plain","optional":true},"gateway_monitor_interval":{"type":"string","description_kind":"plain","optional":true},"gateway_monitor_success_threshold":{"type":"string","description_kind":"plain","optional":true}},"description_kind":"plain"}},"markers":{"nesting_mode":"list","block":{"attributes":{"key":{"type":"string","description_kind":"plain","required":true},"values":{"type":["list","string"],"description_kind":"plain","optional":true}},"description_kind":"plain"}},"static_routes":{"nesting_mode":"list","block":{"attributes":{"disable_gateway_monitor":{"type":"string","description_kind":"plain","optional":true,"computed":true},"if_name":{"type":"string","description_kind":"plain","optional":true,"computed":true},"route_id":{"type":"string","description_kind":"plain","required":true}},"block_types":{"labels":{"nesting_mode":"list","block":{"attributes":{"key":{"type":"string","description_kind":"plain","required":true},"value":{"type":"string","description_kind":"plain","optional":true,"computed":true}},"description_kind":"plain"}},"next_hop":{"nesting_mode":"set","block":{"attributes":{"addr":{"type":"string","description_kind":"plain","required":true},"type":{"type":"string","description_kind":"plain","required":true}},"description_kind":"plain"},"min_items":1},"prefix":{"nesting_mode":"set","block":{"attributes":{"mask":{"type":"string","description_kind":"plain","required":true}},"block_types":{"ip_addr":{"nesting_mode":"set","block":{"attributes":{"addr":{"type":"string","description_kind":"plain","required":true},"type":{"type":"string","description_kind":"plain","required":true}},"description_kind":"plain"},"min_items":1}},"description_kind":"plain"},"min_items":1}},"description_kind":"plain"}}},"description_kind":"plain"}},"avi_vsdatascriptset":{"version":0,"block":{"attributes":{"created_by":{"type":"string","description_kind":"plain","optional":true,"computed":true},"description":{"type":"string","description_kind":"plain","optional":true,"computed":true},"geo_db_ref":{"type":"string","description_kind":"plain","optional":true,"computed":true},"id":{"type":"string","description_kind":"plain","optional":true,"computed":true},"ip_reputation_db_ref":{"type":"string","description_kind":"plain","optional":true,"computed":true},"ipgroup_refs":{"type":["list","string"],"description_kind":"plain","optional":true},"name":{"type":"string","description_kind":"plain","required":true},"pki_profile_refs":{"type":["list","string"],"description_kind":"plain","optional":true},"pool_group_refs":{"type":["list","string"],"description_kind":"plain","optional":true},"pool_refs":{"type":["list","string"],"description_kind":"plain","optional":true},"protocol_parser_refs":{"type":["list","string"],"description_kind":"plain","optional":true},"ssl_key_certificate_refs":{"type":["list","string"],"description_kind":"plain","optional":true},"ssl_profile_refs":{"type":["list","string"],"description_kind":"plain","optional":true},"string_group_refs":{"type":["list","string"],"description_kind":"plain","optional":true},"tenant_ref":{"type":"string","description_kind":"plain","optional":true,"computed":true},"uuid":{"type":"string","description_kind":"plain","optional":true,"computed":true}},"block_types":{"configpb_attributes":{"nesting_mode":"set","block":{"attributes":{"version":{"type":"string","description_kind":"plain","optional":true,"computed":true}},"description_kind":"plain"}},"datascript":{"nesting_mode":"list","block":{"attributes":{"evt":{"type":"string","description_kind":"plain","required":true},"script":{"type":"string","description_kind":"plain","required":true}},"description_kind":"plain"}},"markers":{"nesting_mode":"list","block":{"attributes":{"key":{"type":"string","description_kind":"plain","required":true},"values":{"type":["list","string"],"description_kind":"plain","optional":true}},"description_kind":"plain"}},"rate_limiters":{"nesting_mode":"list","block":{"attributes":{"burst_sz":{"type":"string","description_kind":"plain","optional":true},"count":{"type":"string","description_kind":"plain","optional":true},"name":{"type":"string","description_kind":"plain","optional":true,"computed":true},"period":{"type":"string","description_kind":"plain","optional":true}},"description_kind":"plain"}}},"description_kind":"plain"}},"avi_vsvip":{"version":0,"block":{"attributes":{"bgp_peer_labels":{"type":["list","string"],"description_kind":"plain","optional":true},"cloud_ref":{"type":"string","description_kind":"plain","optional":true,"computed":true},"east_west_placement":{"type":"string","description_kind":"plain","optional":true},"id":{"type":"string","description_kind":"plain","optional":true,"computed":true},"name":{"type":"string","description_kind":"plain","required":true},"tenant_ref":{"type":"string","description_kind":"plain","optional":true,"computed":true},"tier1_lr":{"type":"string","description_kind":"plain","optional":true,"computed":true},"use_standard_alb":{"type":"string","description_kind":"plain","optional":true,"computed":true},"uuid":{"type":"string","description_kind":"plain","optional":true,"computed":true},"vrf_context_ref":{"type":"string","description_kind":"plain","optional":true,"computed":true},"vsvip_cloud_config_cksum":{"type":"string","description_kind":"plain","optional":true,"computed":true}},"block_types":{"configpb_attributes":{"nesting_mode":"set","block":{"attributes":{"version":{"type":"string","description_kind":"plain","optional":true,"computed":true}},"description_kind":"plain"}},"dns_info":{"nesting_mode":"list","block":{"attributes":{"algorithm":{"type":"string","description_kind":"plain","optional":true},"fqdn":{"type":"string","description_kind":"plain","optional":true,"computed":true},"num_records_in_response":{"type":"string","description_kind":"plain","optional":true,"computed":true},"ttl":{"type":"string","description_kind":"plain","optional":true,"computed":true},"type":{"type":"string","description_kind":"plain","optional":true}},"block_types":{"cname":{"nesting_mode":"set","block":{"attributes":{"cname":{"type":"string","description_kind":"plain","required":true}},"description_kind":"plain"}}},"description_kind":"plain"}},"ipam_selector":{"nesting_mode":"set","block":{"attributes":{"type":{"type":"string","description_kind":"plain","required":true}},"block_types":{"labels":{"nesting_mode":"list","block":{"attributes":{"key":{"type":"string","description_kind":"plain","required":true},"value":{"type":"string","description_kind":"plain","optional":true,"computed":true}},"description_kind":"plain"},"min_items":1}},"description_kind":"plain"}},"markers":{"nesting_mode":"list","block":{"attributes":{"key":{"type":"string","description_kind":"plain","required":true},"values":{"type":["list","string"],"description_kind":"plain","optional":true}},"description_kind":"plain"}},"vip":{"nesting_mode":"list","block":{"attributes":{"auto_allocate_floating_ip":{"type":"string","description_kind":"plain","optional":true},"auto_allocate_ip":{"type":"string","description_kind":"plain","optional":true},"auto_allocate_ip_type":{"type":"string","description_kind":"plain","optional":true},"availability_zone":{"type":"string","description_kind":"plain","optional":true,"computed":true},"avi_allocated_fip":{"type":"string","description_kind":"plain","optional":true},"avi_allocated_vip":{"type":"string","description_kind":"plain","optional":true},"enabled":{"type":"string","description_kind":"plain","optional":true},"floating_subnet6_uuid":{"type":"string","description_kind":"plain","optional":true,"computed":true},"floating_subnet_uuid":{"type":"string","description_kind":"plain","optional":true,"computed":true},"network_ref":{"type":"string","description_kind":"plain","optional":true,"computed":true},"port_uuid":{"type":"string","description_kind":"plain","optional":true,"computed":true},"prefix_length":{"type":"string","description_kind":"plain","optional":true},"subnet6_uuid":{"type":"string","description_kind":"plain","optional":true,"computed":true},"subnet_uuid":{"type":"string","description_kind":"plain","optional":true,"computed":true},"vip_id":{"type":"string","description_kind":"plain","required":true}},"block_types":{"discovered_networks":{"nesting_mode":"list","block":{"attributes":{"network_ref":{"type":"string","description_kind":"plain","required":true}},"block_types":{"subnet":{"nesting_mode":"list","block":{"attributes":{"mask":{"type":"string","description_kind":"plain","required":true}},"block_types":{"ip_addr":{"nesting_mode":"set","block":{"attributes":{"addr":{"type":"string","description_kind":"plain","required":true},"type":{"type":"string","description_kind":"plain","required":true}},"description_kind":"plain"},"min_items":1}},"description_kind":"plain"}},"subnet6":{"nesting_mode":"list","block":{"attributes":{"mask":{"type":"string","description_kind":"plain","required":true}},"block_types":{"ip_addr":{"nesting_mode":"set","block":{"attributes":{"addr":{"type":"string","description_kind":"plain","required":true},"type":{"type":"string","description_kind":"plain","required":true}},"description_kind":"plain"},"min_items":1}},"description_kind":"plain"}}},"description_kind":"plain"}},"floating_ip":{"nesting_mode":"set","block":{"attributes":{"addr":{"type":"string","description_kind":"plain","required":true},"type":{"type":"string","description_kind":"plain","required":true}},"description_kind":"plain"}},"floating_ip6":{"nesting_mode":"set","block":{"attributes":{"addr":{"type":"string","description_kind":"plain","required":true},"type":{"type":"string","description_kind":"plain","required":true}},"description_kind":"plain"}},"ip6_address":{"nesting_mode":"set","block":{"attributes":{"addr":{"type":"string","description_kind":"plain","required":true},"type":{"type":"string","description_kind":"plain","required":true}},"description_kind":"plain"}},"ip_address":{"nesting_mode":"set","block":{"attributes":{"addr":{"type":"string","description_kind":"plain","required":true},"type":{"type":"string","description_kind":"plain","required":true}},"description_kind":"plain"}},"ipam_network_subnet":{"nesting_mode":"set","block":{"attributes":{"network_ref":{"type":"string","description_kind":"plain","optional":true,"computed":true},"subnet6_uuid":{"type":"string","description_kind":"plain","optional":true,"computed":true},"subnet_uuid":{"type":"string","description_kind":"plain","optional":true,"computed":true}},"block_types":{"subnet":{"nesting_mode":"set","block":{"attributes":{"mask":{"type":"string","description_kind":"plain","required":true}},"block_types":{"ip_addr":{"nesting_mode":"set","block":{"attributes":{"addr":{"type":"string","description_kind":"plain","required":true},"type":{"type":"string","description_kind":"plain","required":true}},"description_kind":"plain"},"min_items":1}},"description_kind":"plain"}},"subnet6":{"nesting_mode":"set","block":{"attributes":{"mask":{"type":"string","description_kind":"plain","required":true}},"block_types":{"ip_addr":{"nesting_mode":"set","block":{"attributes":{"addr":{"type":"string","description_kind":"plain","required":true},"type":{"type":"string","description_kind":"plain","required":true}},"description_kind":"plain"},"min_items":1}},"description_kind":"plain"}}},"description_kind":"plain"}},"placement_networks":{"nesting_mode":"list","block":{"attributes":{"network_ref":{"type":"string","description_kind":"plain","optional":true,"computed":true}},"block_types":{"subnet":{"nesting_mode":"set","block":{"attributes":{"mask":{"type":"string","description_kind":"plain","required":true}},"block_types":{"ip_addr":{"nesting_mode":"set","block":{"attributes":{"addr":{"type":"string","description_kind":"plain","required":true},"type":{"type":"string","description_kind":"plain","required":true}},"description_kind":"plain"},"min_items":1}},"description_kind":"plain"}},"subnet6":{"nesting_mode":"set","block":{"attributes":{"mask":{"type":"string","description_kind":"plain","required":true}},"block_types":{"ip_addr":{"nesting_mode":"set","block":{"attributes":{"addr":{"type":"string","description_kind":"plain","required":true},"type":{"type":"string","description_kind":"plain","required":true}},"description_kind":"plain"},"min_items":1}},"description_kind":"plain"}}},"description_kind":"plain"}},"subnet":{"nesting_mode":"set","block":{"attributes":{"mask":{"type":"string","description_kind":"plain","required":true}},"block_types":{"ip_addr":{"nesting_mode":"set","block":{"attributes":{"addr":{"type":"string","description_kind":"plain","required":true},"type":{"type":"string","description_kind":"plain","required":true}},"description_kind":"plain"},"min_items":1}},"description_kind":"plain"}},"subnet6":{"nesting_mode":"set","block":{"attributes":{"mask":{"type":"string","description_kind":"plain","required":true}},"block_types":{"ip_addr":{"nesting_mode":"set","block":{"attributes":{"addr":{"type":"string","description_kind":"plain","required":true},"type":{"type":"string","description_kind":"plain","required":true}},"description_kind":"plain"},"min_items":1}},"description_kind":"plain"}}},"description_kind":"plain"}}},"description_kind":"plain"}},"avi_wafapplicationsignatureprovider":{"version":0,"block":{"attributes":{"id":{"type":"string","description_kind":"plain","optional":true,"computed":true},"name":{"type":"string","description_kind":"plain","optional":true,"computed":true},"tenant_ref":{"type":"string","description_kind":"plain","optional":true,"computed":true},"uuid":{"type":"string","description_kind":"plain","optional":true,"computed":true}},"block_types":{"configpb_attributes":{"nesting_mode":"set","block":{"attributes":{"version":{"type":"string","description_kind":"plain","optional":true,"computed":true}},"description_kind":"plain"}},"service_status":{"nesting_mode":"set","block":{"attributes":{"error":{"type":"string","description_kind":"plain","optional":true,"computed":true}},"block_types":{"last_successful_update_check":{"nesting_mode":"set","block":{"attributes":{"secs":{"type":"string","description_kind":"plain","required":true},"usecs":{"type":"string","description_kind":"plain","required":true}},"description_kind":"plain"}},"upstream_sync_timestamp":{"nesting_mode":"set","block":{"attributes":{"secs":{"type":"string","description_kind":"plain","required":true},"usecs":{"type":"string","description_kind":"plain","required":true}},"description_kind":"plain"}}},"description_kind":"plain"}}},"description_kind":"plain"}},"avi_wafcrs":{"version":0,"block":{"attributes":{"description":{"type":"string","description_kind":"plain","required":true},"id":{"type":"string","description_kind":"plain","optional":true,"computed":true},"integrity":{"type":"string","description_kind":"plain","required":true},"name":{"type":"string","description_kind":"plain","required":true},"release_date":{"type":"string","description_kind":"plain","required":true},"tenant_ref":{"type":"string","description_kind":"plain","optional":true,"computed":true},"uuid":{"type":"string","description_kind":"plain","optional":true,"computed":true},"version":{"type":"string","description_kind":"plain","required":true}},"block_types":{"configpb_attributes":{"nesting_mode":"set","block":{"attributes":{"version":{"type":"string","description_kind":"plain","optional":true,"computed":true}},"description_kind":"plain"}},"groups":{"nesting_mode":"list","block":{"attributes":{"enable":{"type":"string","description_kind":"plain","optional":true},"index":{"type":"string","description_kind":"plain","required":true},"name":{"type":"string","description_kind":"plain","required":true}},"block_types":{"exclude_list":{"nesting_mode":"list","block":{"attributes":{"description":{"type":"string","description_kind":"plain","optional":true,"computed":true},"match_element":{"type":"string","description_kind":"plain","optional":true,"computed":true},"uri_path":{"type":"string","description_kind":"plain","optional":true,"computed":true}},"block_types":{"client_subnet":{"nesting_mode":"set","block":{"attributes":{"mask":{"type":"string","description_kind":"plain","required":true}},"block_types":{"ip_addr":{"nesting_mode":"set","block":{"attributes":{"addr":{"type":"string","description_kind":"plain","required":true},"type":{"type":"string","description_kind":"plain","required":true}},"description_kind":"plain"},"min_items":1}},"description_kind":"plain"}},"match_element_criteria":{"nesting_mode":"set","block":{"attributes":{"match_case":{"type":"string","description_kind":"plain","optional":true},"match_op":{"type":"string","description_kind":"plain","optional":true}},"description_kind":"plain"}},"uri_match_criteria":{"nesting_mode":"set","block":{"attributes":{"match_case":{"type":"string","description_kind":"plain","optional":true},"match_op":{"type":"string","description_kind":"plain","optional":true}},"description_kind":"plain"}}},"description_kind":"plain"}},"rules":{"nesting_mode":"list","block":{"attributes":{"enable":{"type":"string","description_kind":"plain","optional":true},"index":{"type":"string","description_kind":"plain","required":true},"is_sensitive":{"type":"string","description_kind":"plain","optional":true},"mode":{"type":"string","description_kind":"plain","optional":true,"computed":true},"name":{"type":"string","description_kind":"plain","optional":true,"computed":true},"rule":{"type":"string","description_kind":"plain","required":true},"rule_id":{"type":"string","description_kind":"plain","optional":true,"computed":true},"tags":{"type":["list","string"],"description_kind":"plain","optional":true}},"block_types":{"exclude_list":{"nesting_mode":"list","block":{"attributes":{"description":{"type":"string","description_kind":"plain","optional":true,"computed":true},"match_element":{"type":"string","description_kind":"plain","optional":true,"computed":true},"uri_path":{"type":"string","description_kind":"plain","optional":true,"computed":true}},"block_types":{"client_subnet":{"nesting_mode":"set","block":{"attributes":{"mask":{"type":"string","description_kind":"plain","required":true}},"block_types":{"ip_addr":{"nesting_mode":"set","block":{"attributes":{"addr":{"type":"string","description_kind":"plain","required":true},"type":{"type":"string","description_kind":"plain","required":true}},"description_kind":"plain"},"min_items":1}},"description_kind":"plain"}},"match_element_criteria":{"nesting_mode":"set","block":{"attributes":{"match_case":{"type":"string","description_kind":"plain","optional":true},"match_op":{"type":"string","description_kind":"plain","optional":true}},"description_kind":"plain"}},"uri_match_criteria":{"nesting_mode":"set","block":{"attributes":{"match_case":{"type":"string","description_kind":"plain","optional":true},"match_op":{"type":"string","description_kind":"plain","optional":true}},"description_kind":"plain"}}},"description_kind":"plain"}}},"description_kind":"plain"}}},"description_kind":"plain"}},"markers":{"nesting_mode":"list","block":{"attributes":{"key":{"type":"string","description_kind":"plain","required":true},"values":{"type":["list","string"],"description_kind":"plain","optional":true}},"description_kind":"plain"}}},"description_kind":"plain"}},"avi_wafpolicy":{"version":0,"block":{"attributes":{"allow_mode_delegation":{"type":"string","description_kind":"plain","optional":true},"created_by":{"type":"string","description_kind":"plain","optional":true,"computed":true},"description":{"type":"string","description_kind":"plain","optional":true,"computed":true},"enable_app_learning":{"type":"string","description_kind":"plain","optional":true},"enable_auto_rule_updates":{"type":"string","description_kind":"plain","optional":true},"enable_regex_learning":{"type":"string","description_kind":"plain","optional":true},"failure_mode":{"type":"string","description_kind":"plain","optional":true},"geo_db_ref":{"type":"string","description_kind":"plain","optional":true,"computed":true},"id":{"type":"string","description_kind":"plain","optional":true,"computed":true},"min_confidence":{"type":"string","description_kind":"plain","optional":true},"mode":{"type":"string","description_kind":"plain","optional":true},"name":{"type":"string","description_kind":"plain","required":true},"paranoia_level":{"type":"string","description_kind":"plain","optional":true},"tenant_ref":{"type":"string","description_kind":"plain","optional":true,"computed":true},"uuid":{"type":"string","description_kind":"plain","optional":true,"computed":true},"waf_crs_ref":{"type":"string","description_kind":"plain","optional":true,"computed":true},"waf_profile_ref":{"type":"string","description_kind":"plain","required":true}},"block_types":{"allowlist":{"nesting_mode":"set","block":{"block_types":{"rules":{"nesting_mode":"list","block":{"attributes":{"actions":{"type":["list","string"],"description_kind":"plain","required":true},"description":{"type":"string","description_kind":"plain","optional":true,"computed":true},"enable":{"type":"string","description_kind":"plain","optional":true},"index":{"type":"string","description_kind":"plain","required":true},"name":{"type":"string","description_kind":"plain","required":true},"sampling_percent":{"type":"string","description_kind":"plain","optional":true}},"block_types":{"match":{"nesting_mode":"set","block":{"block_types":{"bot_detection_result":{"nesting_mode":"set","block":{"attributes":{"match_operation":{"type":"string","description_kind":"plain","required":true}},"block_types":{"classifications":{"nesting_mode":"list","block":{"attributes":{"type":{"type":"string","description_kind":"plain","required":true},"user_defined_type":{"type":"string","description_kind":"plain","optional":true,"computed":true}},"description_kind":"plain"}}},"description_kind":"plain"}},"client_ip":{"nesting_mode":"set","block":{"attributes":{"group_refs":{"type":["list","string"],"description_kind":"plain","optional":true},"match_criteria":{"type":"string","description_kind":"plain","required":true}},"block_types":{"addrs":{"nesting_mode":"list","block":{"attributes":{"addr":{"type":"string","description_kind":"plain","required":true},"type":{"type":"string","description_kind":"plain","required":true}},"description_kind":"plain"}},"prefixes":{"nesting_mode":"list","block":{"attributes":{"mask":{"type":"string","description_kind":"plain","required":true}},"block_types":{"ip_addr":{"nesting_mode":"set","block":{"attributes":{"addr":{"type":"string","description_kind":"plain","required":true},"type":{"type":"string","description_kind":"plain","required":true}},"description_kind":"plain"},"min_items":1}},"description_kind":"plain"}},"ranges":{"nesting_mode":"list","block":{"block_types":{"begin":{"nesting_mode":"set","block":{"attributes":{"addr":{"type":"string","description_kind":"plain","required":true},"type":{"type":"string","description_kind":"plain","required":true}},"description_kind":"plain"},"min_items":1},"end":{"nesting_mode":"set","block":{"attributes":{"addr":{"type":"string","description_kind":"plain","required":true},"type":{"type":"string","description_kind":"plain","required":true}},"description_kind":"plain"},"min_items":1}},"description_kind":"plain"}}},"description_kind":"plain"}},"cookie":{"nesting_mode":"set","block":{"attributes":{"match_case":{"type":"string","description_kind":"plain","optional":true},"match_criteria":{"type":"string","description_kind":"plain","required":true},"name":{"type":"string","description_kind":"plain","required":true},"value":{"type":"string","description_kind":"plain","optional":true,"computed":true}},"description_kind":"plain"}},"geo_matches":{"nesting_mode":"list","block":{"attributes":{"attribute":{"type":"string","description_kind":"plain","required":true},"match_operation":{"type":"string","description_kind":"plain","required":true},"values":{"type":["list","string"],"description_kind":"plain","required":true}},"description_kind":"plain"}},"hdrs":{"nesting_mode":"list","block":{"attributes":{"hdr":{"type":"string","description_kind":"plain","required":true},"match_case":{"type":"string","description_kind":"plain","optional":true},"match_criteria":{"type":"string","description_kind":"plain","required":true},"value":{"type":["list","string"],"description_kind":"plain","optional":true}},"description_kind":"plain"}},"host_hdr":{"nesting_mode":"set","block":{"attributes":{"match_case":{"type":"string","description_kind":"plain","optional":true},"match_criteria":{"type":"string","description_kind":"plain","required":true},"value":{"type":["list","string"],"description_kind":"plain","optional":true}},"description_kind":"plain"}},"ip_reputation_type":{"nesting_mode":"set","block":{"attributes":{"match_operation":{"type":"string","description_kind":"plain","required":true},"reputation_types":{"type":["list","string"],"description_kind":"plain","required":true}},"description_kind":"plain"}},"method":{"nesting_mode":"set","block":{"attributes":{"match_criteria":{"type":"string","description_kind":"plain","required":true},"methods":{"type":["list","string"],"description_kind":"plain","required":true}},"description_kind":"plain"}},"path":{"nesting_mode":"set","block":{"attributes":{"match_case":{"type":"string","description_kind":"plain","optional":true},"match_criteria":{"type":"string","description_kind":"plain","required":true},"match_str":{"type":["list","string"],"description_kind":"plain","optional":true},"string_group_refs":{"type":["list","string"],"description_kind":"plain","optional":true}},"description_kind":"plain"}},"protocol":{"nesting_mode":"set","block":{"attributes":{"match_criteria":{"type":"string","description_kind":"plain","required":true},"protocols":{"type":"string","description_kind":"plain","required":true}},"description_kind":"plain"}},"query":{"nesting_mode":"set","block":{"attributes":{"match_case":{"type":"string","description_kind":"plain","optional":true},"match_criteria":{"type":"string","description_kind":"plain","required":true},"match_str":{"type":["list","string"],"description_kind":"plain","optional":true},"string_group_refs":{"type":["list","string"],"description_kind":"plain","optional":true}},"description_kind":"plain"}},"version":{"nesting_mode":"set","block":{"attributes":{"match_criteria":{"type":"string","description_kind":"plain","required":true},"versions":{"type":["list","string"],"description_kind":"plain","required":true}},"description_kind":"plain"}},"vs_port":{"nesting_mode":"set","block":{"attributes":{"match_criteria":{"type":"string","description_kind":"plain","required":true},"ports":{"type":["list","number"],"description_kind":"plain","required":true}},"description_kind":"plain"}}},"description_kind":"plain"},"min_items":1}},"description_kind":"plain"}}},"description_kind":"plain"}},"application_signatures":{"nesting_mode":"set","block":{"attributes":{"provider_ref":{"type":"string","description_kind":"plain","optional":true,"computed":true},"selected_applications":{"type":["list","string"],"description_kind":"plain","optional":true}},"block_types":{"resolved_rules":{"nesting_mode":"list","block":{"attributes":{"enable":{"type":"string","description_kind":"plain","optional":true},"index":{"type":"string","description_kind":"plain","required":true},"is_sensitive":{"type":"string","description_kind":"plain","optional":true},"mode":{"type":"string","description_kind":"plain","optional":true,"computed":true},"name":{"type":"string","description_kind":"plain","optional":true,"computed":true},"rule":{"type":"string","description_kind":"plain","required":true},"rule_id":{"type":"string","description_kind":"plain","optional":true,"computed":true},"tags":{"type":["list","string"],"description_kind":"plain","optional":true}},"block_types":{"exclude_list":{"nesting_mode":"list","block":{"attributes":{"description":{"type":"string","description_kind":"plain","optional":true,"computed":true},"match_element":{"type":"string","description_kind":"plain","optional":true,"computed":true},"uri_path":{"type":"string","description_kind":"plain","optional":true,"computed":true}},"block_types":{"client_subnet":{"nesting_mode":"set","block":{"attributes":{"mask":{"type":"string","description_kind":"plain","required":true}},"block_types":{"ip_addr":{"nesting_mode":"set","block":{"attributes":{"addr":{"type":"string","description_kind":"plain","required":true},"type":{"type":"string","description_kind":"plain","required":true}},"description_kind":"plain"},"min_items":1}},"description_kind":"plain"}},"match_element_criteria":{"nesting_mode":"set","block":{"attributes":{"match_case":{"type":"string","description_kind":"plain","optional":true},"match_op":{"type":"string","description_kind":"plain","optional":true}},"description_kind":"plain"}},"uri_match_criteria":{"nesting_mode":"set","block":{"attributes":{"match_case":{"type":"string","description_kind":"plain","optional":true},"match_op":{"type":"string","description_kind":"plain","optional":true}},"description_kind":"plain"}}},"description_kind":"plain"}}},"description_kind":"plain"}},"rule_overrides":{"nesting_mode":"list","block":{"attributes":{"enable":{"type":"string","description_kind":"plain","optional":true,"computed":true},"mode":{"type":"string","description_kind":"plain","optional":true,"computed":true},"rule_id":{"type":"string","description_kind":"plain","required":true}},"block_types":{"exclude_list":{"nesting_mode":"list","block":{"attributes":{"description":{"type":"string","description_kind":"plain","optional":true,"computed":true},"match_element":{"type":"string","description_kind":"plain","optional":true,"computed":true},"uri_path":{"type":"string","description_kind":"plain","optional":true,"computed":true}},"block_types":{"client_subnet":{"nesting_mode":"set","block":{"attributes":{"mask":{"type":"string","description_kind":"plain","required":true}},"block_types":{"ip_addr":{"nesting_mode":"set","block":{"attributes":{"addr":{"type":"string","description_kind":"plain","required":true},"type":{"type":"string","description_kind":"plain","required":true}},"description_kind":"plain"},"min_items":1}},"description_kind":"plain"}},"match_element_criteria":{"nesting_mode":"set","block":{"attributes":{"match_case":{"type":"string","description_kind":"plain","optional":true},"match_op":{"type":"string","description_kind":"plain","optional":true}},"description_kind":"plain"}},"uri_match_criteria":{"nesting_mode":"set","block":{"attributes":{"match_case":{"type":"string","description_kind":"plain","optional":true},"match_op":{"type":"string","description_kind":"plain","optional":true}},"description_kind":"plain"}}},"description_kind":"plain"}}},"description_kind":"plain"}}},"description_kind":"plain"}},"confidence_override":{"nesting_mode":"set","block":{"attributes":{"confid_high_value":{"type":"string","description_kind":"plain","optional":true},"confid_low_value":{"type":"string","description_kind":"plain","optional":true},"confid_probable_value":{"type":"string","description_kind":"plain","optional":true},"confid_very_high_value":{"type":"string","description_kind":"plain","optional":true}},"description_kind":"plain"}},"configpb_attributes":{"nesting_mode":"set","block":{"attributes":{"version":{"type":"string","description_kind":"plain","optional":true,"computed":true}},"description_kind":"plain"}},"crs_overrides":{"nesting_mode":"list","block":{"attributes":{"enable":{"type":"string","description_kind":"plain","optional":true,"computed":true},"mode":{"type":"string","description_kind":"plain","optional":true,"computed":true},"name":{"type":"string","description_kind":"plain","required":true}},"block_types":{"exclude_list":{"nesting_mode":"list","block":{"attributes":{"description":{"type":"string","description_kind":"plain","optional":true,"computed":true},"match_element":{"type":"string","description_kind":"plain","optional":true,"computed":true},"uri_path":{"type":"string","description_kind":"plain","optional":true,"computed":true}},"block_types":{"client_subnet":{"nesting_mode":"set","block":{"attributes":{"mask":{"type":"string","description_kind":"plain","required":true}},"block_types":{"ip_addr":{"nesting_mode":"set","block":{"attributes":{"addr":{"type":"string","description_kind":"plain","required":true},"type":{"type":"string","description_kind":"plain","required":true}},"description_kind":"plain"},"min_items":1}},"description_kind":"plain"}},"match_element_criteria":{"nesting_mode":"set","block":{"attributes":{"match_case":{"type":"string","description_kind":"plain","optional":true},"match_op":{"type":"string","description_kind":"plain","optional":true}},"description_kind":"plain"}},"uri_match_criteria":{"nesting_mode":"set","block":{"attributes":{"match_case":{"type":"string","description_kind":"plain","optional":true},"match_op":{"type":"string","description_kind":"plain","optional":true}},"description_kind":"plain"}}},"description_kind":"plain"}},"rule_overrides":{"nesting_mode":"list","block":{"attributes":{"enable":{"type":"string","description_kind":"plain","optional":true,"computed":true},"mode":{"type":"string","description_kind":"plain","optional":true,"computed":true},"rule_id":{"type":"string","description_kind":"plain","required":true}},"block_types":{"exclude_list":{"nesting_mode":"list","block":{"attributes":{"description":{"type":"string","description_kind":"plain","optional":true,"computed":true},"match_element":{"type":"string","description_kind":"plain","optional":true,"computed":true},"uri_path":{"type":"string","description_kind":"plain","optional":true,"computed":true}},"block_types":{"client_subnet":{"nesting_mode":"set","block":{"attributes":{"mask":{"type":"string","description_kind":"plain","required":true}},"block_types":{"ip_addr":{"nesting_mode":"set","block":{"attributes":{"addr":{"type":"string","description_kind":"plain","required":true},"type":{"type":"string","description_kind":"plain","required":true}},"description_kind":"plain"},"min_items":1}},"description_kind":"plain"}},"match_element_criteria":{"nesting_mode":"set","block":{"attributes":{"match_case":{"type":"string","description_kind":"plain","optional":true},"match_op":{"type":"string","description_kind":"plain","optional":true}},"description_kind":"plain"}},"uri_match_criteria":{"nesting_mode":"set","block":{"attributes":{"match_case":{"type":"string","description_kind":"plain","optional":true},"match_op":{"type":"string","description_kind":"plain","optional":true}},"description_kind":"plain"}}},"description_kind":"plain"}}},"description_kind":"plain"}}},"description_kind":"plain"}},"learning_params":{"nesting_mode":"set","block":{"attributes":{"enable_per_uri_learning":{"type":"string","description_kind":"plain","optional":true},"max_params":{"type":"string","description_kind":"plain","optional":true},"max_uris":{"type":"string","description_kind":"plain","optional":true},"min_hits_to_learn":{"type":"string","description_kind":"plain","optional":true},"sampling_percent":{"type":"string","description_kind":"plain","optional":true},"update_interval":{"type":"string","description_kind":"plain","optional":true}},"description_kind":"plain"}},"markers":{"nesting_mode":"list","block":{"attributes":{"key":{"type":"string","description_kind":"plain","required":true},"values":{"type":["list","string"],"description_kind":"plain","optional":true}},"description_kind":"plain"}},"positive_security_model":{"nesting_mode":"set","block":{"attributes":{"group_refs":{"type":["list","string"],"description_kind":"plain","optional":true}},"description_kind":"plain"}},"post_crs_groups":{"nesting_mode":"list","block":{"attributes":{"enable":{"type":"string","description_kind":"plain","optional":true},"index":{"type":"string","description_kind":"plain","required":true},"name":{"type":"string","description_kind":"plain","required":true}},"block_types":{"exclude_list":{"nesting_mode":"list","block":{"attributes":{"description":{"type":"string","description_kind":"plain","optional":true,"computed":true},"match_element":{"type":"string","description_kind":"plain","optional":true,"computed":true},"uri_path":{"type":"string","description_kind":"plain","optional":true,"computed":true}},"block_types":{"client_subnet":{"nesting_mode":"set","block":{"attributes":{"mask":{"type":"string","description_kind":"plain","required":true}},"block_types":{"ip_addr":{"nesting_mode":"set","block":{"attributes":{"addr":{"type":"string","description_kind":"plain","required":true},"type":{"type":"string","description_kind":"plain","required":true}},"description_kind":"plain"},"min_items":1}},"description_kind":"plain"}},"match_element_criteria":{"nesting_mode":"set","block":{"attributes":{"match_case":{"type":"string","description_kind":"plain","optional":true},"match_op":{"type":"string","description_kind":"plain","optional":true}},"description_kind":"plain"}},"uri_match_criteria":{"nesting_mode":"set","block":{"attributes":{"match_case":{"type":"string","description_kind":"plain","optional":true},"match_op":{"type":"string","description_kind":"plain","optional":true}},"description_kind":"plain"}}},"description_kind":"plain"}},"rules":{"nesting_mode":"list","block":{"attributes":{"enable":{"type":"string","description_kind":"plain","optional":true},"index":{"type":"string","description_kind":"plain","required":true},"is_sensitive":{"type":"string","description_kind":"plain","optional":true},"mode":{"type":"string","description_kind":"plain","optional":true,"computed":true},"name":{"type":"string","description_kind":"plain","optional":true,"computed":true},"rule":{"type":"string","description_kind":"plain","required":true},"rule_id":{"type":"string","description_kind":"plain","optional":true,"computed":true},"tags":{"type":["list","string"],"description_kind":"plain","optional":true}},"block_types":{"exclude_list":{"nesting_mode":"list","block":{"attributes":{"description":{"type":"string","description_kind":"plain","optional":true,"computed":true},"match_element":{"type":"string","description_kind":"plain","optional":true,"computed":true},"uri_path":{"type":"string","description_kind":"plain","optional":true,"computed":true}},"block_types":{"client_subnet":{"nesting_mode":"set","block":{"attributes":{"mask":{"type":"string","description_kind":"plain","required":true}},"block_types":{"ip_addr":{"nesting_mode":"set","block":{"attributes":{"addr":{"type":"string","description_kind":"plain","required":true},"type":{"type":"string","description_kind":"plain","required":true}},"description_kind":"plain"},"min_items":1}},"description_kind":"plain"}},"match_element_criteria":{"nesting_mode":"set","block":{"attributes":{"match_case":{"type":"string","description_kind":"plain","optional":true},"match_op":{"type":"string","description_kind":"plain","optional":true}},"description_kind":"plain"}},"uri_match_criteria":{"nesting_mode":"set","block":{"attributes":{"match_case":{"type":"string","description_kind":"plain","optional":true},"match_op":{"type":"string","description_kind":"plain","optional":true}},"description_kind":"plain"}}},"description_kind":"plain"}}},"description_kind":"plain"}}},"description_kind":"plain"}},"pre_crs_groups":{"nesting_mode":"list","block":{"attributes":{"enable":{"type":"string","description_kind":"plain","optional":true},"index":{"type":"string","description_kind":"plain","required":true},"name":{"type":"string","description_kind":"plain","required":true}},"block_types":{"exclude_list":{"nesting_mode":"list","block":{"attributes":{"description":{"type":"string","description_kind":"plain","optional":true,"computed":true},"match_element":{"type":"string","description_kind":"plain","optional":true,"computed":true},"uri_path":{"type":"string","description_kind":"plain","optional":true,"computed":true}},"block_types":{"client_subnet":{"nesting_mode":"set","block":{"attributes":{"mask":{"type":"string","description_kind":"plain","required":true}},"block_types":{"ip_addr":{"nesting_mode":"set","block":{"attributes":{"addr":{"type":"string","description_kind":"plain","required":true},"type":{"type":"string","description_kind":"plain","required":true}},"description_kind":"plain"},"min_items":1}},"description_kind":"plain"}},"match_element_criteria":{"nesting_mode":"set","block":{"attributes":{"match_case":{"type":"string","description_kind":"plain","optional":true},"match_op":{"type":"string","description_kind":"plain","optional":true}},"description_kind":"plain"}},"uri_match_criteria":{"nesting_mode":"set","block":{"attributes":{"match_case":{"type":"string","description_kind":"plain","optional":true},"match_op":{"type":"string","description_kind":"plain","optional":true}},"description_kind":"plain"}}},"description_kind":"plain"}},"rules":{"nesting_mode":"list","block":{"attributes":{"enable":{"type":"string","description_kind":"plain","optional":true},"index":{"type":"string","description_kind":"plain","required":true},"is_sensitive":{"type":"string","description_kind":"plain","optional":true},"mode":{"type":"string","description_kind":"plain","optional":true,"computed":true},"name":{"type":"string","description_kind":"plain","optional":true,"computed":true},"rule":{"type":"string","description_kind":"plain","required":true},"rule_id":{"type":"string","description_kind":"plain","optional":true,"computed":true},"tags":{"type":["list","string"],"description_kind":"plain","optional":true}},"block_types":{"exclude_list":{"nesting_mode":"list","block":{"attributes":{"description":{"type":"string","description_kind":"plain","optional":true,"computed":true},"match_element":{"type":"string","description_kind":"plain","optional":true,"computed":true},"uri_path":{"type":"string","description_kind":"plain","optional":true,"computed":true}},"block_types":{"client_subnet":{"nesting_mode":"set","block":{"attributes":{"mask":{"type":"string","description_kind":"plain","required":true}},"block_types":{"ip_addr":{"nesting_mode":"set","block":{"attributes":{"addr":{"type":"string","description_kind":"plain","required":true},"type":{"type":"string","description_kind":"plain","required":true}},"description_kind":"plain"},"min_items":1}},"description_kind":"plain"}},"match_element_criteria":{"nesting_mode":"set","block":{"attributes":{"match_case":{"type":"string","description_kind":"plain","optional":true},"match_op":{"type":"string","description_kind":"plain","optional":true}},"description_kind":"plain"}},"uri_match_criteria":{"nesting_mode":"set","block":{"attributes":{"match_case":{"type":"string","description_kind":"plain","optional":true},"match_op":{"type":"string","description_kind":"plain","optional":true}},"description_kind":"plain"}}},"description_kind":"plain"}}},"description_kind":"plain"}}},"description_kind":"plain"}},"resolved_crs_groups":{"nesting_mode":"list","block":{"attributes":{"enable":{"type":"string","description_kind":"plain","optional":true},"index":{"type":"string","description_kind":"plain","required":true},"name":{"type":"string","description_kind":"plain","required":true}},"block_types":{"exclude_list":{"nesting_mode":"list","block":{"attributes":{"description":{"type":"string","description_kind":"plain","optional":true,"computed":true},"match_element":{"type":"string","description_kind":"plain","optional":true,"computed":true},"uri_path":{"type":"string","description_kind":"plain","optional":true,"computed":true}},"block_types":{"client_subnet":{"nesting_mode":"set","block":{"attributes":{"mask":{"type":"string","description_kind":"plain","required":true}},"block_types":{"ip_addr":{"nesting_mode":"set","block":{"attributes":{"addr":{"type":"string","description_kind":"plain","required":true},"type":{"type":"string","description_kind":"plain","required":true}},"description_kind":"plain"},"min_items":1}},"description_kind":"plain"}},"match_element_criteria":{"nesting_mode":"set","block":{"attributes":{"match_case":{"type":"string","description_kind":"plain","optional":true},"match_op":{"type":"string","description_kind":"plain","optional":true}},"description_kind":"plain"}},"uri_match_criteria":{"nesting_mode":"set","block":{"attributes":{"match_case":{"type":"string","description_kind":"plain","optional":true},"match_op":{"type":"string","description_kind":"plain","optional":true}},"description_kind":"plain"}}},"description_kind":"plain"}},"rules":{"nesting_mode":"list","block":{"attributes":{"enable":{"type":"string","description_kind":"plain","optional":true},"index":{"type":"string","description_kind":"plain","required":true},"is_sensitive":{"type":"string","description_kind":"plain","optional":true},"mode":{"type":"string","description_kind":"plain","optional":true,"computed":true},"name":{"type":"string","description_kind":"plain","optional":true,"computed":true},"rule":{"type":"string","description_kind":"plain","required":true},"rule_id":{"type":"string","description_kind":"plain","optional":true,"computed":true},"tags":{"type":["list","string"],"description_kind":"plain","optional":true}},"block_types":{"exclude_list":{"nesting_mode":"list","block":{"attributes":{"description":{"type":"string","description_kind":"plain","optional":true,"computed":true},"match_element":{"type":"string","description_kind":"plain","optional":true,"computed":true},"uri_path":{"type":"string","description_kind":"plain","optional":true,"computed":true}},"block_types":{"client_subnet":{"nesting_mode":"set","block":{"attributes":{"mask":{"type":"string","description_kind":"plain","required":true}},"block_types":{"ip_addr":{"nesting_mode":"set","block":{"attributes":{"addr":{"type":"string","description_kind":"plain","required":true},"type":{"type":"string","description_kind":"plain","required":true}},"description_kind":"plain"},"min_items":1}},"description_kind":"plain"}},"match_element_criteria":{"nesting_mode":"set","block":{"attributes":{"match_case":{"type":"string","description_kind":"plain","optional":true},"match_op":{"type":"string","description_kind":"plain","optional":true}},"description_kind":"plain"}},"uri_match_criteria":{"nesting_mode":"set","block":{"attributes":{"match_case":{"type":"string","description_kind":"plain","optional":true},"match_op":{"type":"string","description_kind":"plain","optional":true}},"description_kind":"plain"}}},"description_kind":"plain"}}},"description_kind":"plain"}}},"description_kind":"plain"}}},"description_kind":"plain"}},"avi_wafpolicypsmgroup":{"version":0,"block":{"attributes":{"description":{"type":"string","description_kind":"plain","optional":true,"computed":true},"enable":{"type":"string","description_kind":"plain","optional":true},"hit_action":{"type":"string","description_kind":"plain","optional":true},"id":{"type":"string","description_kind":"plain","optional":true,"computed":true},"is_learning_group":{"type":"string","description_kind":"plain","optional":true},"miss_action":{"type":"string","description_kind":"plain","optional":true},"name":{"type":"string","description_kind":"plain","required":true},"tenant_ref":{"type":"string","description_kind":"plain","optional":true,"computed":true},"uuid":{"type":"string","description_kind":"plain","optional":true,"computed":true}},"block_types":{"configpb_attributes":{"nesting_mode":"set","block":{"attributes":{"version":{"type":"string","description_kind":"plain","optional":true,"computed":true}},"description_kind":"plain"}},"locations":{"nesting_mode":"list","block":{"attributes":{"description":{"type":"string","description_kind":"plain","optional":true,"computed":true},"index":{"type":"string","description_kind":"plain","required":true},"name":{"type":"string","description_kind":"plain","required":true}},"block_types":{"match":{"nesting_mode":"set","block":{"block_types":{"host":{"nesting_mode":"set","block":{"attributes":{"match_case":{"type":"string","description_kind":"plain","optional":true},"match_criteria":{"type":"string","description_kind":"plain","required":true},"value":{"type":["list","string"],"description_kind":"plain","optional":true}},"description_kind":"plain"}},"methods":{"nesting_mode":"set","block":{"attributes":{"match_criteria":{"type":"string","description_kind":"plain","required":true},"methods":{"type":["list","string"],"description_kind":"plain","required":true}},"description_kind":"plain"}},"path":{"nesting_mode":"set","block":{"attributes":{"match_case":{"type":"string","description_kind":"plain","optional":true},"match_criteria":{"type":"string","description_kind":"plain","required":true},"match_str":{"type":["list","string"],"description_kind":"plain","optional":true},"string_group_refs":{"type":["list","string"],"description_kind":"plain","optional":true}},"description_kind":"plain"}}},"description_kind":"plain"}},"rules":{"nesting_mode":"list","block":{"attributes":{"description":{"type":"string","description_kind":"plain","optional":true,"computed":true},"enable":{"type":"string","description_kind":"plain","optional":true},"index":{"type":"string","description_kind":"plain","required":true},"match_case":{"type":"string","description_kind":"plain","optional":true},"match_value_max_length":{"type":"string","description_kind":"plain","optional":true,"computed":true},"match_value_pattern":{"type":"string","description_kind":"plain","optional":true,"computed":true},"match_value_string_group_key":{"type":"string","description_kind":"plain","optional":true,"computed":true},"match_value_string_group_ref":{"type":"string","description_kind":"plain","optional":true,"computed":true},"mode":{"type":"string","description_kind":"plain","optional":true,"computed":true},"name":{"type":"string","description_kind":"plain","required":true},"paranoia_level":{"type":"string","description_kind":"plain","optional":true},"rule_id":{"type":"string","description_kind":"plain","required":true}},"block_types":{"match_elements":{"nesting_mode":"list","block":{"attributes":{"excluded":{"type":"string","description_kind":"plain","optional":true},"index":{"type":"string","description_kind":"plain","required":true},"name":{"type":"string","description_kind":"plain","required":true},"sub_element":{"type":"string","description_kind":"plain","optional":true,"computed":true}},"description_kind":"plain"}}},"description_kind":"plain"}}},"description_kind":"plain"}},"markers":{"nesting_mode":"list","block":{"attributes":{"key":{"type":"string","description_kind":"plain","required":true},"values":{"type":["list","string"],"description_kind":"plain","optional":true}},"description_kind":"plain"}}},"description_kind":"plain"}},"avi_wafprofile":{"version":0,"block":{"attributes":{"description":{"type":"string","description_kind":"plain","optional":true,"computed":true},"id":{"type":"string","description_kind":"plain","optional":true,"computed":true},"name":{"type":"string","description_kind":"plain","required":true},"tenant_ref":{"type":"string","description_kind":"plain","optional":true,"computed":true},"uuid":{"type":"string","description_kind":"plain","optional":true,"computed":true}},"block_types":{"config":{"nesting_mode":"set","block":{"attributes":{"allowed_http_versions":{"type":["list","string"],"description_kind":"plain","optional":true},"allowed_methods":{"type":["list","string"],"description_kind":"plain","optional":true},"allowed_request_content_types":{"type":["list","string"],"description_kind":"plain","optional":true},"argument_separator":{"type":"string","description_kind":"plain","optional":true},"client_request_max_body_size":{"type":"string","description_kind":"plain","optional":true},"cookie_format_version":{"type":"string","description_kind":"plain","optional":true},"ignore_incomplete_request_body_error":{"type":"string","description_kind":"plain","optional":true},"max_execution_time":{"type":"string","description_kind":"plain","optional":true},"regex_match_limit":{"type":"string","description_kind":"plain","optional":true},"regex_recursion_limit":{"type":"string","description_kind":"plain","optional":true},"request_body_default_action":{"type":"string","description_kind":"plain","optional":true},"request_hdr_default_action":{"type":"string","description_kind":"plain","optional":true},"response_body_default_action":{"type":"string","description_kind":"plain","optional":true},"response_hdr_default_action":{"type":"string","description_kind":"plain","optional":true},"restricted_extensions":{"type":["list","string"],"description_kind":"plain","optional":true},"restricted_headers":{"type":["list","string"],"description_kind":"plain","optional":true},"send_status_header":{"type":"string","description_kind":"plain","optional":true},"server_response_max_body_size":{"type":"string","description_kind":"plain","optional":true},"static_extensions":{"type":["list","string"],"description_kind":"plain","optional":true},"status_code_for_rejected_requests":{"type":"string","description_kind":"plain","optional":true},"status_header_name":{"type":"string","description_kind":"plain","optional":true},"xml_xxe_protection":{"type":"string","description_kind":"plain","optional":true}},"description_kind":"plain"},"min_items":1},"configpb_attributes":{"nesting_mode":"set","block":{"attributes":{"version":{"type":"string","description_kind":"plain","optional":true,"computed":true}},"description_kind":"plain"}},"files":{"nesting_mode":"list","block":{"attributes":{"data":{"type":"string","description_kind":"plain","required":true},"name":{"type":"string","description_kind":"plain","required":true},"type":{"type":"string","description_kind":"plain","optional":true}},"description_kind":"plain"}},"markers":{"nesting_mode":"list","block":{"attributes":{"key":{"type":"string","description_kind":"plain","required":true},"values":{"type":["list","string"],"description_kind":"plain","optional":true}},"description_kind":"plain"}}},"description_kind":"plain"}},"avi_webhook":{"version":0,"block":{"attributes":{"callback_url":{"type":"string","description_kind":"plain","optional":true,"computed":true},"description":{"type":"string","description_kind":"plain","optional":true,"computed":true},"id":{"type":"string","description_kind":"plain","optional":true,"computed":true},"name":{"type":"string","description_kind":"plain","required":true},"tenant_ref":{"type":"string","description_kind":"plain","optional":true,"computed":true},"uuid":{"type":"string","description_kind":"plain","optional":true,"computed":true},"verification_token":{"type":"string","description_kind":"plain","optional":true,"computed":true}},"block_types":{"configpb_attributes":{"nesting_mode":"set","block":{"attributes":{"version":{"type":"string","description_kind":"plain","optional":true,"computed":true}},"description_kind":"plain"}},"markers":{"nesting_mode":"list","block":{"attributes":{"key":{"type":"string","description_kind":"plain","required":true},"values":{"type":["list","string"],"description_kind":"plain","optional":true}},"description_kind":"plain"}}},"description_kind":"plain"}}},"data_source_schemas":{"avi_actiongroupconfig":{"version":0,"block":{"attributes":{"action_script_config_ref":{"type":"string","description_kind":"plain","computed":true},"autoscale_trigger_notification":{"type":"string","description_kind":"plain","computed":true},"configpb_attributes":{"type":["set",["object",{"version":"string"}]],"description_kind":"plain","computed":true},"description":{"type":"string","description_kind":"plain","computed":true},"email_config_ref":{"type":"string","description_kind":"plain","computed":true},"external_only":{"type":"string","description_kind":"plain","computed":true},"id":{"type":"string","description_kind":"plain","optional":true,"computed":true},"level":{"type":"string","description_kind":"plain","computed":true},"name":{"type":"string","description_kind":"plain","optional":true,"computed":true},"snmp_trap_profile_ref":{"type":"string","description_kind":"plain","computed":true},"syslog_config_ref":{"type":"string","description_kind":"plain","computed":true},"tenant_ref":{"type":"string","description_kind":"plain","optional":true,"computed":true},"uuid":{"type":"string","description_kind":"plain","optional":true,"computed":true}},"description_kind":"plain"}},"avi_albservicesconfig":{"version":0,"block":{"attributes":{"app_signature_config":{"type":["set",["object",{"app_signature_sync_interval":"string"}]],"description_kind":"plain","computed":true},"asset_contact":{"type":["set",["object",{"account_id":"string","account_name":"string","email":"string","managed_accounts":["list",["object",{"id":"string","name":"string","users":["list",["object",{"email":"string","name":"string","phone":"string"}]]}]],"name":"string","phone":"string"}]],"description_kind":"plain","computed":true},"case_config":{"type":["set",["object",{"enable_auto_case_creation_on_controller_failure":"string","enable_auto_case_creation_on_se_failure":"string","enable_cleanup_of_attached_files":"string"}]],"description_kind":"plain","computed":true},"configpb_attributes":{"type":["set",["object",{"version":"string"}]],"description_kind":"plain","computed":true},"feature_opt_in_status":{"type":["set",["object",{"enable_appsignature_sync":"string","enable_ip_reputation":"string","enable_pulse_case_management":"string","enable_pulse_waf_management":"string","enable_user_agent_db_sync":"string"}]],"description_kind":"plain","computed":true},"id":{"type":"string","description_kind":"plain","optional":true,"computed":true},"ip_reputation_config":{"type":["set",["object",{"ip_reputation_file_object_expiry_duration":"string","ip_reputation_sync_interval":"string"}]],"description_kind":"plain","computed":true},"mode":{"type":"string","description_kind":"plain","computed":true},"polling_interval":{"type":"string","description_kind":"plain","computed":true},"portal_url":{"type":"string","description_kind":"plain","computed":true},"split_proxy_configuration":{"type":["set",["object",{"host":"string","password":"string","port":"string","username":"string"}]],"description_kind":"plain","computed":true},"use_split_proxy":{"type":"string","description_kind":"plain","computed":true},"use_tls":{"type":"string","description_kind":"plain","computed":true},"user_agent_db_config":{"type":["set",["object",{"allowed_batch_size":"string"}]],"description_kind":"plain","computed":true},"uuid":{"type":"string","description_kind":"plain","optional":true,"computed":true},"waf_config":{"type":["set",["object",{"enable_auto_download_waf_signatures":"string","enable_waf_signatures_notifications":"string"}]],"description_kind":"plain","computed":true}},"description_kind":"plain"}},"avi_albservicesfileupload":{"version":0,"block":{"attributes":{"case_id":{"type":"string","description_kind":"plain","computed":true},"file_path":{"type":"string","description_kind":"plain","computed":true},"id":{"type":"string","description_kind":"plain","optional":true,"computed":true},"name":{"type":"string","description_kind":"plain","optional":true,"computed":true},"s3_directory":{"type":"string","description_kind":"plain","computed":true},"tenant_ref":{"type":"string","description_kind":"plain","optional":true,"computed":true},"uuid":{"type":"string","description_kind":"plain","optional":true,"computed":true}},"description_kind":"plain"}},"avi_alertconfig":{"version":0,"block":{"attributes":{"action_group_ref":{"type":"string","description_kind":"plain","computed":true},"alert_rule":{"type":["set",["object",{"conn_app_log_rule":["set",["object",{"filter_action":"string","filter_string":"string"}]],"event_match_filter":"string","metrics_rule":["list",["object",{"duration":"string","metric_id":"string","metric_threshold":["set",["object",{"comparator":"string","threshold":"string"}]]}]],"operator":"string","sys_event_rule":["list",["object",{"event_details":["list",["object",{"comparator":"string","event_details_key":"string","event_details_value":"string"}]],"event_id":"string","not_cond":"string"}]]}]],"description_kind":"plain","computed":true},"autoscale_alert":{"type":"string","description_kind":"plain","computed":true},"category":{"type":"string","description_kind":"plain","computed":true},"configpb_attributes":{"type":["set",["object",{"version":"string"}]],"description_kind":"plain","computed":true},"description":{"type":"string","description_kind":"plain","computed":true},"enabled":{"type":"string","description_kind":"plain","computed":true},"expiry_time":{"type":"string","description_kind":"plain","computed":true},"id":{"type":"string","description_kind":"plain","optional":true,"computed":true},"name":{"type":"string","description_kind":"plain","optional":true,"computed":true},"obj_uuid":{"type":"string","description_kind":"plain","computed":true},"object_type":{"type":"string","description_kind":"plain","computed":true},"recommendation":{"type":"string","description_kind":"plain","computed":true},"rolling_window":{"type":"string","description_kind":"plain","computed":true},"source":{"type":"string","description_kind":"plain","computed":true},"summary":{"type":"string","description_kind":"plain","computed":true},"tenant_ref":{"type":"string","description_kind":"plain","optional":true,"computed":true},"threshold":{"type":"string","description_kind":"plain","computed":true},"throttle":{"type":"string","description_kind":"plain","computed":true},"uuid":{"type":"string","description_kind":"plain","optional":true,"computed":true}},"description_kind":"plain"}},"avi_alertemailconfig":{"version":0,"block":{"attributes":{"cc_emails":{"type":"string","description_kind":"plain","computed":true},"configpb_attributes":{"type":["set",["object",{"version":"string"}]],"description_kind":"plain","computed":true},"description":{"type":"string","description_kind":"plain","computed":true},"id":{"type":"string","description_kind":"plain","optional":true,"computed":true},"name":{"type":"string","description_kind":"plain","optional":true,"computed":true},"tenant_ref":{"type":"string","description_kind":"plain","optional":true,"computed":true},"to_emails":{"type":"string","description_kind":"plain","computed":true},"uuid":{"type":"string","description_kind":"plain","optional":true,"computed":true}},"description_kind":"plain"}},"avi_alertscriptconfig":{"version":0,"block":{"attributes":{"action_script":{"type":"string","description_kind":"plain","computed":true},"configpb_attributes":{"type":["set",["object",{"version":"string"}]],"description_kind":"plain","computed":true},"id":{"type":"string","description_kind":"plain","optional":true,"computed":true},"name":{"type":"string","description_kind":"plain","optional":true,"computed":true},"tenant_ref":{"type":"string","description_kind":"plain","optional":true,"computed":true},"uuid":{"type":"string","description_kind":"plain","optional":true,"computed":true}},"description_kind":"plain"}},"avi_alertsyslogconfig":{"version":0,"block":{"attributes":{"configpb_attributes":{"type":["set",["object",{"version":"string"}]],"description_kind":"plain","computed":true},"description":{"type":"string","description_kind":"plain","computed":true},"id":{"type":"string","description_kind":"plain","optional":true,"computed":true},"name":{"type":"string","description_kind":"plain","optional":true,"computed":true},"syslog_servers":{"type":["list",["object",{"anon_auth":"string","format":"string","pkiprofile_ref":"string","ssl_key_and_certificate_ref":"string","syslog_server":"string","syslog_server_port":"string","tls_enable":"string","udp":"string"}]],"description_kind":"plain","computed":true},"tenant_ref":{"type":"string","description_kind":"plain","optional":true,"computed":true},"uuid":{"type":"string","description_kind":"plain","optional":true,"computed":true}},"description_kind":"plain"}},"avi_analyticsprofile":{"version":0,"block":{"attributes":{"apdex_response_threshold":{"type":"string","description_kind":"plain","computed":true},"apdex_response_tolerated_factor":{"type":"string","description_kind":"plain","computed":true},"apdex_rtt_threshold":{"type":"string","description_kind":"plain","computed":true},"apdex_rtt_tolerated_factor":{"type":"string","description_kind":"plain","computed":true},"apdex_rum_threshold":{"type":"string","description_kind":"plain","computed":true},"apdex_rum_tolerated_factor":{"type":"string","description_kind":"plain","computed":true},"apdex_server_response_threshold":{"type":"string","description_kind":"plain","computed":true},"apdex_server_response_tolerated_factor":{"type":"string","description_kind":"plain","computed":true},"apdex_server_rtt_threshold":{"type":"string","description_kind":"plain","computed":true},"apdex_server_rtt_tolerated_factor":{"type":"string","description_kind":"plain","computed":true},"client_log_config":{"type":["set",["object",{"enable_significant_log_collection":"string","filtered_log_processing":"string","non_significant_log_processing":"string","significant_log_processing":"string"}]],"description_kind":"plain","computed":true},"client_log_streaming_config":{"type":["set",["object",{"external_server":"string","external_server_port":"string","format_config":["set",["object",{"format":"string","included_fields":["list","string"]}]],"log_types_to_send":"string","max_logs_per_second":"string","protocol":"string","syslog_config":["set",["object",{"facility":"string","filtered_log_severity":"string","hostname":"string","non_significant_log_severity":"string","significant_log_severity":"string"}]]}]],"description_kind":"plain","computed":true},"configpb_attributes":{"type":["set",["object",{"version":"string"}]],"description_kind":"plain","computed":true},"conn_lossy_ooo_threshold":{"type":"string","description_kind":"plain","computed":true},"conn_lossy_timeo_rexmt_threshold":{"type":"string","description_kind":"plain","computed":true},"conn_lossy_total_rexmt_threshold":{"type":"string","description_kind":"plain","computed":true},"conn_lossy_zero_win_size_event_threshold":{"type":"string","description_kind":"plain","computed":true},"conn_server_lossy_ooo_threshold":{"type":"string","description_kind":"plain","computed":true},"conn_server_lossy_timeo_rexmt_threshold":{"type":"string","description_kind":"plain","computed":true},"conn_server_lossy_total_rexmt_threshold":{"type":"string","description_kind":"plain","computed":true},"conn_server_lossy_zero_win_size_event_threshold":{"type":"string","description_kind":"plain","computed":true},"description":{"type":"string","description_kind":"plain","computed":true},"enable_adaptive_config":{"type":"string","description_kind":"plain","computed":true},"enable_advanced_analytics":{"type":"string","description_kind":"plain","computed":true},"enable_ondemand_metrics":{"type":"string","description_kind":"plain","computed":true},"enable_se_analytics":{"type":"string","description_kind":"plain","computed":true},"enable_server_analytics":{"type":"string","description_kind":"plain","computed":true},"enable_vs_analytics":{"type":"string","description_kind":"plain","computed":true},"exclude_client_close_before_request_as_error":{"type":"string","description_kind":"plain","computed":true},"exclude_dns_policy_drop_as_significant":{"type":"string","description_kind":"plain","computed":true},"exclude_gs_down_as_error":{"type":"string","description_kind":"plain","computed":true},"exclude_http_error_codes":{"type":["list","number"],"description_kind":"plain","computed":true},"exclude_invalid_dns_domain_as_error":{"type":"string","description_kind":"plain","computed":true},"exclude_invalid_dns_query_as_error":{"type":"string","description_kind":"plain","computed":true},"exclude_issuer_revoked_ocsp_responses_as_error":{"type":"string","description_kind":"plain","computed":true},"exclude_no_dns_record_as_error":{"type":"string","description_kind":"plain","computed":true},"exclude_no_valid_gs_member_as_error":{"type":"string","description_kind":"plain","computed":true},"exclude_persistence_change_as_error":{"type":"string","description_kind":"plain","computed":true},"exclude_revoked_ocsp_responses_as_error":{"type":"string","description_kind":"plain","computed":true},"exclude_server_dns_error_as_error":{"type":"string","description_kind":"plain","computed":true},"exclude_server_tcp_reset_as_error":{"type":"string","description_kind":"plain","computed":true},"exclude_sip_error_codes":{"type":["list","number"],"description_kind":"plain","computed":true},"exclude_stale_ocsp_responses_as_error":{"type":"string","description_kind":"plain","computed":true},"exclude_syn_retransmit_as_error":{"type":"string","description_kind":"plain","computed":true},"exclude_tcp_reset_as_error":{"type":"string","description_kind":"plain","computed":true},"exclude_unavailable_ocsp_responses_as_error":{"type":"string","description_kind":"plain","computed":true},"exclude_unsupported_dns_query_as_error":{"type":"string","description_kind":"plain","computed":true},"healthscore_max_server_limit":{"type":"string","description_kind":"plain","computed":true},"hs_event_throttle_window":{"type":"string","description_kind":"plain","computed":true},"hs_max_anomaly_penalty":{"type":"string","description_kind":"plain","computed":true},"hs_max_resources_penalty":{"type":"string","description_kind":"plain","computed":true},"hs_max_security_penalty":{"type":"string","description_kind":"plain","computed":true},"hs_min_dos_rate":{"type":"string","description_kind":"plain","computed":true},"hs_performance_boost":{"type":"string","description_kind":"plain","computed":true},"hs_pscore_traffic_threshold_l4_client":{"type":"string","description_kind":"plain","computed":true},"hs_pscore_traffic_threshold_l4_server":{"type":"string","description_kind":"plain","computed":true},"hs_security_certscore_expired":{"type":"string","description_kind":"plain","computed":true},"hs_security_certscore_gt30d":{"type":"string","description_kind":"plain","computed":true},"hs_security_certscore_le07d":{"type":"string","description_kind":"plain","computed":true},"hs_security_certscore_le30d":{"type":"string","description_kind":"plain","computed":true},"hs_security_chain_invalidity_penalty":{"type":"string","description_kind":"plain","computed":true},"hs_security_cipherscore_eq000b":{"type":"string","description_kind":"plain","computed":true},"hs_security_cipherscore_ge128b":{"type":"string","description_kind":"plain","computed":true},"hs_security_cipherscore_lt128b":{"type":"string","description_kind":"plain","computed":true},"hs_security_encalgo_score_none":{"type":"string","description_kind":"plain","computed":true},"hs_security_encalgo_score_rc4":{"type":"string","description_kind":"plain","computed":true},"hs_security_hsts_penalty":{"type":"string","description_kind":"plain","computed":true},"hs_security_nonpfs_penalty":{"type":"string","description_kind":"plain","computed":true},"hs_security_ocsp_revoked_score":{"type":"string","description_kind":"plain","computed":true},"hs_security_selfsignedcert_penalty":{"type":"string","description_kind":"plain","computed":true},"hs_security_ssl30_score":{"type":"string","description_kind":"plain","computed":true},"hs_security_tls10_score":{"type":"string","description_kind":"plain","computed":true},"hs_security_tls11_score":{"type":"string","description_kind":"plain","computed":true},"hs_security_tls12_score":{"type":"string","description_kind":"plain","computed":true},"hs_security_weak_signature_algo_penalty":{"type":"string","description_kind":"plain","computed":true},"id":{"type":"string","description_kind":"plain","optional":true,"computed":true},"latency_audit_props":{"type":["set",["object",{"conn_est_audit_mode":"string","conn_est_threshold":"string","latency_audit_mode":"string","latency_threshold":"string"}]],"description_kind":"plain","computed":true},"markers":{"type":["list",["object",{"key":"string","values":["list","string"]}]],"description_kind":"plain","computed":true},"name":{"type":"string","description_kind":"plain","optional":true,"computed":true},"ondemand_metrics_idle_timeout":{"type":"string","description_kind":"plain","computed":true},"ranges":{"type":["list",["object",{"begin":"string","end":"string"}]],"description_kind":"plain","computed":true},"resp_code_block":{"type":["list","string"],"description_kind":"plain","computed":true},"sensitive_log_profile":{"type":["set",["object",{"header_field_rules":["list",["object",{"action":"string","enabled":"string","index":"string","match":["set",["object",{"match_criteria":"string","match_str":["list","string"],"string_group_refs":["list","string"]}]],"name":"string"}]],"uri_query_field_rules":["list",["object",{"action":"string","enabled":"string","index":"string","match":["set",["object",{"match_criteria":"string","match_str":["list","string"],"string_group_refs":["list","string"]}]],"name":"string"}]],"waf_field_rules":["list",["object",{"action":"string","enabled":"string","index":"string","match":["set",["object",{"match_criteria":"string","match_str":["list","string"],"string_group_refs":["list","string"]}]],"name":"string"}]]}]],"description_kind":"plain","computed":true},"sip_log_depth":{"type":"string","description_kind":"plain","computed":true},"tenant_ref":{"type":"string","description_kind":"plain","optional":true,"computed":true},"uuid":{"type":"string","description_kind":"plain","optional":true,"computed":true}},"description_kind":"plain"}},"avi_applicationpersistenceprofile":{"version":0,"block":{"attributes":{"app_cookie_persistence_profile":{"type":["set",["object",{"encryption_key":"string","prst_hdr_name":"string","timeout":"string"}]],"description_kind":"plain","computed":true},"configpb_attributes":{"type":["set",["object",{"version":"string"}]],"description_kind":"plain","computed":true},"description":{"type":"string","description_kind":"plain","computed":true},"hdr_persistence_profile":{"type":["set",["object",{"prst_hdr_name":"string"}]],"description_kind":"plain","computed":true},"http_cookie_persistence_profile":{"type":["set",["object",{"always_send_cookie":"string","cookie_name":"string","encryption_key":"string","http_only":"string","key":["list",["object",{"aes_key":"string","hmac_key":"string","name":"string"}]],"timeout":"string"}]],"description_kind":"plain","computed":true},"id":{"type":"string","description_kind":"plain","optional":true,"computed":true},"ip_persistence_profile":{"type":["set",["object",{"ip_mask":"string","ip_persistent_timeout":"string"}]],"description_kind":"plain","computed":true},"is_federated":{"type":"string","description_kind":"plain","computed":true},"markers":{"type":["list",["object",{"key":"string","values":["list","string"]}]],"description_kind":"plain","computed":true},"name":{"type":"string","description_kind":"plain","optional":true,"computed":true},"persistence_type":{"type":"string","description_kind":"plain","computed":true},"server_hm_down_recovery":{"type":"string","description_kind":"plain","computed":true},"tenant_ref":{"type":"string","description_kind":"plain","optional":true,"computed":true},"uuid":{"type":"string","description_kind":"plain","optional":true,"computed":true}},"description_kind":"plain"}},"avi_applicationprofile":{"version":0,"block":{"attributes":{"cloud_config_cksum":{"type":"string","description_kind":"plain","computed":true},"configpb_attributes":{"type":["set",["object",{"version":"string"}]],"description_kind":"plain","computed":true},"created_by":{"type":"string","description_kind":"plain","computed":true},"description":{"type":"string","description_kind":"plain","computed":true},"dns_service_profile":{"type":["set",["object",{"aaaa_empty_response":"string","admin_email":"string","dns_over_tcp_enabled":"string","dns_zones":["list",["object",{"admin_email":"string","domain_name":"string","name_server":"string"}]],"domain_names":["list","string"],"ecs_stripping_enabled":"string","edns":"string","edns_client_subnet_prefix_len":"string","error_response":"string","name_server":"string","negative_caching_ttl":"string","num_dns_ip":"string","ttl":"string"}]],"description_kind":"plain","computed":true},"dos_rl_profile":{"type":["set",["object",{"dos_profile":["set",["object",{"thresh_info":["list",["object",{"attack":"string","max_value":"string","min_value":"string"}]],"thresh_period":"string"}]],"rl_profile":["set",["object",{"client_ip_connections_rate_limit":["set",["object",{"action":["set",["object",{"file":["set",["object",{"content_type":"string","file_content":"string","file_length":"string"}]],"redirect":["set",["object",{"add_string":"string","host":["set",["object",{"tokens":["list",["object",{"end_index":"string","start_index":"string","str_value":"string","type":"string"}]],"type":"string"}]],"keep_query":"string","path":["set",["object",{"tokens":["list",["object",{"end_index":"string","start_index":"string","str_value":"string","type":"string"}]],"type":"string"}]],"port":"string","protocol":"string","status_code":"string"}]],"status_code":"string","type":"string"}]],"explicit_tracking":"string","fine_grain":"string","http_cookie":"string","http_header":"string","rate_limiter":["set",["object",{"burst_sz":"string","count":"string","name":"string","period":"string"}]]}]],"client_ip_failed_requests_rate_limit":["set",["object",{"action":["set",["object",{"file":["set",["object",{"content_type":"string","file_content":"string","file_length":"string"}]],"redirect":["set",["object",{"add_string":"string","host":["set",["object",{"tokens":["list",["object",{"end_index":"string","start_index":"string","str_value":"string","type":"string"}]],"type":"string"}]],"keep_query":"string","path":["set",["object",{"tokens":["list",["object",{"end_index":"string","start_index":"string","str_value":"string","type":"string"}]],"type":"string"}]],"port":"string","protocol":"string","status_code":"string"}]],"status_code":"string","type":"string"}]],"explicit_tracking":"string","fine_grain":"string","http_cookie":"string","http_header":"string","rate_limiter":["set",["object",{"burst_sz":"string","count":"string","name":"string","period":"string"}]]}]],"client_ip_requests_rate_limit":["set",["object",{"action":["set",["object",{"file":["set",["object",{"content_type":"string","file_content":"string","file_length":"string"}]],"redirect":["set",["object",{"add_string":"string","host":["set",["object",{"tokens":["list",["object",{"end_index":"string","start_index":"string","str_value":"string","type":"string"}]],"type":"string"}]],"keep_query":"string","path":["set",["object",{"tokens":["list",["object",{"end_index":"string","start_index":"string","str_value":"string","type":"string"}]],"type":"string"}]],"port":"string","protocol":"string","status_code":"string"}]],"status_code":"string","type":"string"}]],"explicit_tracking":"string","fine_grain":"string","http_cookie":"string","http_header":"string","rate_limiter":["set",["object",{"burst_sz":"string","count":"string","name":"string","period":"string"}]]}]],"client_ip_scanners_requests_rate_limit":["set",["object",{"action":["set",["object",{"file":["set",["object",{"content_type":"string","file_content":"string","file_length":"string"}]],"redirect":["set",["object",{"add_string":"string","host":["set",["object",{"tokens":["list",["object",{"end_index":"string","start_index":"string","str_value":"string","type":"string"}]],"type":"string"}]],"keep_query":"string","path":["set",["object",{"tokens":["list",["object",{"end_index":"string","start_index":"string","str_value":"string","type":"string"}]],"type":"string"}]],"port":"string","protocol":"string","status_code":"string"}]],"status_code":"string","type":"string"}]],"explicit_tracking":"string","fine_grain":"string","http_cookie":"string","http_header":"string","rate_limiter":["set",["object",{"burst_sz":"string","count":"string","name":"string","period":"string"}]]}]],"client_ip_to_uri_failed_requests_rate_limit":["set",["object",{"action":["set",["object",{"file":["set",["object",{"content_type":"string","file_content":"string","file_length":"string"}]],"redirect":["set",["object",{"add_string":"string","host":["set",["object",{"tokens":["list",["object",{"end_index":"string","start_index":"string","str_value":"string","type":"string"}]],"type":"string"}]],"keep_query":"string","path":["set",["object",{"tokens":["list",["object",{"end_index":"string","start_index":"string","str_value":"string","type":"string"}]],"type":"string"}]],"port":"string","protocol":"string","status_code":"string"}]],"status_code":"string","type":"string"}]],"explicit_tracking":"string","fine_grain":"string","http_cookie":"string","http_header":"string","rate_limiter":["set",["object",{"burst_sz":"string","count":"string","name":"string","period":"string"}]]}]],"client_ip_to_uri_requests_rate_limit":["set",["object",{"action":["set",["object",{"file":["set",["object",{"content_type":"string","file_content":"string","file_length":"string"}]],"redirect":["set",["object",{"add_string":"string","host":["set",["object",{"tokens":["list",["object",{"end_index":"string","start_index":"string","str_value":"string","type":"string"}]],"type":"string"}]],"keep_query":"string","path":["set",["object",{"tokens":["list",["object",{"end_index":"string","start_index":"string","str_value":"string","type":"string"}]],"type":"string"}]],"port":"string","protocol":"string","status_code":"string"}]],"status_code":"string","type":"string"}]],"explicit_tracking":"string","fine_grain":"string","http_cookie":"string","http_header":"string","rate_limiter":["set",["object",{"burst_sz":"string","count":"string","name":"string","period":"string"}]]}]],"custom_requests_rate_limit":["set",["object",{"action":["set",["object",{"file":["set",["object",{"content_type":"string","file_content":"string","file_length":"string"}]],"redirect":["set",["object",{"add_string":"string","host":["set",["object",{"tokens":["list",["object",{"end_index":"string","start_index":"string","str_value":"string","type":"string"}]],"type":"string"}]],"keep_query":"string","path":["set",["object",{"tokens":["list",["object",{"end_index":"string","start_index":"string","str_value":"string","type":"string"}]],"type":"string"}]],"port":"string","protocol":"string","status_code":"string"}]],"status_code":"string","type":"string"}]],"explicit_tracking":"string","fine_grain":"string","http_cookie":"string","http_header":"string","rate_limiter":["set",["object",{"burst_sz":"string","count":"string","name":"string","period":"string"}]]}]],"http_header_rate_limits":["list",["object",{"action":["set",["object",{"file":["set",["object",{"content_type":"string","file_content":"string","file_length":"string"}]],"redirect":["set",["object",{"add_string":"string","host":["set",["object",{"tokens":["list",["object",{"end_index":"string","start_index":"string","str_value":"string","type":"string"}]],"type":"string"}]],"keep_query":"string","path":["set",["object",{"tokens":["list",["object",{"end_index":"string","start_index":"string","str_value":"string","type":"string"}]],"type":"string"}]],"port":"string","protocol":"string","status_code":"string"}]],"status_code":"string","type":"string"}]],"explicit_tracking":"string","fine_grain":"string","http_cookie":"string","http_header":"string","rate_limiter":["set",["object",{"burst_sz":"string","count":"string","name":"string","period":"string"}]]}]],"uri_failed_requests_rate_limit":["set",["object",{"action":["set",["object",{"file":["set",["object",{"content_type":"string","file_content":"string","file_length":"string"}]],"redirect":["set",["object",{"add_string":"string","host":["set",["object",{"tokens":["list",["object",{"end_index":"string","start_index":"string","str_value":"string","type":"string"}]],"type":"string"}]],"keep_query":"string","path":["set",["object",{"tokens":["list",["object",{"end_index":"string","start_index":"string","str_value":"string","type":"string"}]],"type":"string"}]],"port":"string","protocol":"string","status_code":"string"}]],"status_code":"string","type":"string"}]],"explicit_tracking":"string","fine_grain":"string","http_cookie":"string","http_header":"string","rate_limiter":["set",["object",{"burst_sz":"string","count":"string","name":"string","period":"string"}]]}]],"uri_requests_rate_limit":["set",["object",{"action":["set",["object",{"file":["set",["object",{"content_type":"string","file_content":"string","file_length":"string"}]],"redirect":["set",["object",{"add_string":"string","host":["set",["object",{"tokens":["list",["object",{"end_index":"string","start_index":"string","str_value":"string","type":"string"}]],"type":"string"}]],"keep_query":"string","path":["set",["object",{"tokens":["list",["object",{"end_index":"string","start_index":"string","str_value":"string","type":"string"}]],"type":"string"}]],"port":"string","protocol":"string","status_code":"string"}]],"status_code":"string","type":"string"}]],"explicit_tracking":"string","fine_grain":"string","http_cookie":"string","http_header":"string","rate_limiter":["set",["object",{"burst_sz":"string","count":"string","name":"string","period":"string"}]]}]],"uri_scanners_requests_rate_limit":["set",["object",{"action":["set",["object",{"file":["set",["object",{"content_type":"string","file_content":"string","file_length":"string"}]],"redirect":["set",["object",{"add_string":"string","host":["set",["object",{"tokens":["list",["object",{"end_index":"string","start_index":"string","str_value":"string","type":"string"}]],"type":"string"}]],"keep_query":"string","path":["set",["object",{"tokens":["list",["object",{"end_index":"string","start_index":"string","str_value":"string","type":"string"}]],"type":"string"}]],"port":"string","protocol":"string","status_code":"string"}]],"status_code":"string","type":"string"}]],"explicit_tracking":"string","fine_grain":"string","http_cookie":"string","http_header":"string","rate_limiter":["set",["object",{"burst_sz":"string","count":"string","name":"string","period":"string"}]]}]]}]]}]],"description_kind":"plain","computed":true},"http_profile":{"type":["set",["object",{"allow_dots_in_header_name":"string","cache_config":["set",["object",{"age_header":"string","aggressive":"string","date_header":"string","default_expire":"string","enabled":"string","heuristic_expire":"string","ignore_request_cache_control":"string","max_cache_size":"string","max_object_size":"string","mime_types_block_group_refs":["list","string"],"mime_types_block_lists":["list","string"],"mime_types_group_refs":["list","string"],"mime_types_list":["list","string"],"min_object_size":"string","query_cacheable":"string","uri_non_cacheable":["set",["object",{"match_case":"string","match_criteria":"string","match_str":["list","string"],"string_group_refs":["list","string"]}]],"xcache_header":"string"}]],"client_body_timeout":"string","client_header_timeout":"string","client_max_body_size":"string","client_max_header_size":"string","client_max_request_size":"string","compression_profile":["set",["object",{"buf_num":"string","buf_size":"string","compressible_content_ref":"string","compression":"string","filter":["list",["object",{"devices_ref":"string","index":"string","ip_addr_prefixes":["list",["object",{"ip_addr":["set",["object",{"addr":"string","type":"string"}]],"mask":"string"}]],"ip_addr_ranges":["list",["object",{"begin":["set",["object",{"addr":"string","type":"string"}]],"end":["set",["object",{"addr":"string","type":"string"}]]}]],"ip_addrs":["list",["object",{"addr":"string","type":"string"}]],"ip_addrs_ref":"string","level":"string","match":"string","name":"string","user_agent":["list","string"]}]],"hash_size":"string","level_aggressive":"string","level_normal":"string","max_low_rtt":"string","min_high_rtt":"string","min_length":"string","mobile_str_ref":"string","remove_accept_encoding_header":"string","type":"string","window_size":"string"}]],"connection_multiplexing_enabled":"string","detect_ntlm_app":"string","disable_keepalive_posts_msie6":"string","disable_sni_hostname_check":"string","enable_chunk_merge":"string","enable_fire_and_forget":"string","enable_request_body_buffering":"string","enable_request_body_metrics":"string","fwd_close_hdr_for_bound_connections":"string","hsts_enabled":"string","hsts_max_age":"string","hsts_subdomains_enabled":"string","http2_profile":["set",["object",{"http2_initial_window_size":"string","max_http2_concurrent_streams_per_connection":"string","max_http2_control_frames_per_connection":"string","max_http2_empty_data_frames_per_connection":"string","max_http2_header_field_size":"string","max_http2_queued_frames_to_client_per_connection":"string","max_http2_requests_per_connection":"string"}]],"http_to_https":"string","http_upstream_buffer_size":"string","httponly_enabled":"string","keepalive_header":"string","keepalive_timeout":"string","max_bad_rps_cip":"string","max_bad_rps_cip_uri":"string","max_bad_rps_uri":"string","max_keepalive_requests":"string","max_response_headers_size":"string","max_rps_cip":"string","max_rps_cip_uri":"string","max_rps_unknown_cip":"string","max_rps_unknown_uri":"string","max_rps_uri":"string","pki_profile_ref":"string","post_accept_timeout":"string","reset_conn_http_on_ssl_port":"string","respond_with_100_continue":"string","secure_cookie_enabled":"string","server_side_redirect_to_https":"string","ssl_client_certificate_action":["set",["object",{"close_connection":"string","headers":["list",["object",{"request_header":"string","request_header_value":"string"}]]}]],"ssl_client_certificate_mode":"string","use_app_keepalive_timeout":"string","websockets_enabled":"string","x_forwarded_proto_enabled":"string","xff_alternate_name":"string","xff_enabled":"string"}]],"description_kind":"plain","computed":true},"id":{"type":"string","description_kind":"plain","optional":true,"computed":true},"markers":{"type":["list",["object",{"key":"string","values":["list","string"]}]],"description_kind":"plain","computed":true},"name":{"type":"string","description_kind":"plain","optional":true,"computed":true},"preserve_client_ip":{"type":"string","description_kind":"plain","computed":true},"preserve_client_port":{"type":"string","description_kind":"plain","computed":true},"preserve_dest_ip_port":{"type":"string","description_kind":"plain","computed":true},"sip_service_profile":{"type":["set",["object",{"transaction_timeout":"string"}]],"description_kind":"plain","computed":true},"tcp_app_profile":{"type":["set",["object",{"pki_profile_ref":"string","proxy_protocol_enabled":"string","proxy_protocol_version":"string","ssl_client_certificate_mode":"string"}]],"description_kind":"plain","computed":true},"tenant_ref":{"type":"string","description_kind":"plain","optional":true,"computed":true},"type":{"type":"string","description_kind":"plain","computed":true},"uuid":{"type":"string","description_kind":"plain","optional":true,"computed":true}},"description_kind":"plain"}},"avi_authprofile":{"version":0,"block":{"attributes":{"configpb_attributes":{"type":["set",["object",{"version":"string"}]],"description_kind":"plain","computed":true},"description":{"type":"string","description_kind":"plain","computed":true},"http":{"type":["set",["object",{"cache_expiration_time":"string","request_header":"string","require_user_groups":["list","string"]}]],"description_kind":"plain","computed":true},"id":{"type":"string","description_kind":"plain","optional":true,"computed":true},"jwt_profile_ref":{"type":"string","description_kind":"plain","computed":true},"ldap":{"type":["set",["object",{"base_dn":"string","bind_as_administrator":"string","email_attribute":"string","full_name_attribute":"string","port":"string","security_mode":"string","server":["list","string"],"settings":["set",["object",{"admin_bind_dn":"string","group_filter":"string","group_member_attribute":"string","group_member_is_full_dn":"string","group_search_dn":"string","group_search_scope":"string","ignore_referrals":"string","password":"string","user_attributes":["list","string"],"user_id_attribute":"string","user_search_dn":"string","user_search_scope":"string"}]],"user_bind":["set",["object",{"dn_template":"string","token":"string","user_attributes":["list","string"],"user_id_attribute":"string"}]]}]],"description_kind":"plain","computed":true},"markers":{"type":["list",["object",{"key":"string","values":["list","string"]}]],"description_kind":"plain","computed":true},"name":{"type":"string","description_kind":"plain","optional":true,"computed":true},"pa_agent_ref":{"type":"string","description_kind":"plain","computed":true},"saml":{"type":["set",["object",{"idp":["set",["object",{"metadata":"string"}]],"sp":["set",["object",{"fqdn":"string","org_display_name":"string","org_name":"string","org_url":"string","saml_entity_type":"string","sp_nodes":["list",["object",{"entity_id":"string","name":"string","signing_ssl_key_and_certificate_ref":"string","single_signon_url":"string"}]],"tech_contact_email":"string","tech_contact_name":"string"}]]}]],"description_kind":"plain","computed":true},"tacacs_plus":{"type":["set",["object",{"authorization_attrs":["list",["object",{"mandatory":"string","name":"string","value":"string"}]],"password":"string","port":"string","server":["list","string"],"service":"string"}]],"description_kind":"plain","computed":true},"tenant_ref":{"type":"string","description_kind":"plain","optional":true,"computed":true},"type":{"type":"string","description_kind":"plain","computed":true},"uuid":{"type":"string","description_kind":"plain","optional":true,"computed":true}},"description_kind":"plain"}},"avi_autoscalelaunchconfig":{"version":0,"block":{"attributes":{"configpb_attributes":{"type":["set",["object",{"version":"string"}]],"description_kind":"plain","computed":true},"description":{"type":"string","description_kind":"plain","computed":true},"id":{"type":"string","description_kind":"plain","optional":true,"computed":true},"image_id":{"type":"string","description_kind":"plain","computed":true},"markers":{"type":["list",["object",{"key":"string","values":["list","string"]}]],"description_kind":"plain","computed":true},"mesos":{"type":["set",["object",{"force":"string"}]],"description_kind":"plain","computed":true},"name":{"type":"string","description_kind":"plain","optional":true,"computed":true},"openstack":{"type":["set",["object",{"heat_scale_down_url":"string","heat_scale_up_url":"string"}]],"description_kind":"plain","computed":true},"tenant_ref":{"type":"string","description_kind":"plain","optional":true,"computed":true},"use_external_asg":{"type":"string","description_kind":"plain","computed":true},"uuid":{"type":"string","description_kind":"plain","optional":true,"computed":true}},"description_kind":"plain"}},"avi_availabilityzone":{"version":0,"block":{"attributes":{"cloud_ref":{"type":"string","description_kind":"plain","optional":true,"computed":true},"configpb_attributes":{"type":["set",["object",{"version":"string"}]],"description_kind":"plain","computed":true},"id":{"type":"string","description_kind":"plain","optional":true,"computed":true},"name":{"type":"string","description_kind":"plain","optional":true,"computed":true},"tenant_ref":{"type":"string","description_kind":"plain","optional":true,"computed":true},"uuid":{"type":"string","description_kind":"plain","optional":true,"computed":true},"vcenter_refs":{"type":["list","string"],"description_kind":"plain","computed":true}},"description_kind":"plain"}},"avi_backup":{"version":0,"block":{"attributes":{"backup_config_ref":{"type":"string","description_kind":"plain","computed":true},"file_name":{"type":"string","description_kind":"plain","computed":true},"id":{"type":"string","description_kind":"plain","optional":true,"computed":true},"local_file_url":{"type":"string","description_kind":"plain","computed":true},"remote_file_url":{"type":"string","description_kind":"plain","computed":true},"scheduler_ref":{"type":"string","description_kind":"plain","computed":true},"tenant_ref":{"type":"string","description_kind":"plain","optional":true,"computed":true},"timestamp":{"type":"string","description_kind":"plain","computed":true},"uuid":{"type":"string","description_kind":"plain","optional":true,"computed":true}},"description_kind":"plain"}},"avi_backupconfiguration":{"version":0,"block":{"attributes":{"aws_access_key":{"type":"string","description_kind":"plain","computed":true},"aws_bucket_id":{"type":"string","description_kind":"plain","computed":true},"aws_secret_access":{"type":"string","description_kind":"plain","computed":true},"backup_file_prefix":{"type":"string","description_kind":"plain","computed":true},"backup_passphrase":{"type":"string","description_kind":"plain","computed":true},"configpb_attributes":{"type":["set",["object",{"version":"string"}]],"description_kind":"plain","computed":true},"id":{"type":"string","description_kind":"plain","optional":true,"computed":true},"maximum_backups_stored":{"type":"string","description_kind":"plain","computed":true},"name":{"type":"string","description_kind":"plain","optional":true,"computed":true},"remote_directory":{"type":"string","description_kind":"plain","computed":true},"remote_hostname":{"type":"string","description_kind":"plain","computed":true},"save_local":{"type":"string","description_kind":"plain","computed":true},"ssh_user_ref":{"type":"string","description_kind":"plain","computed":true},"tenant_ref":{"type":"string","description_kind":"plain","optional":true,"computed":true},"upload_to_remote_host":{"type":"string","description_kind":"plain","computed":true},"upload_to_s3":{"type":"string","description_kind":"plain","computed":true},"uuid":{"type":"string","description_kind":"plain","optional":true,"computed":true}},"description_kind":"plain"}},"avi_botconfigconsolidator":{"version":0,"block":{"attributes":{"description":{"type":"string","description_kind":"plain","computed":true},"id":{"type":"string","description_kind":"plain","optional":true,"computed":true},"name":{"type":"string","description_kind":"plain","optional":true,"computed":true},"script":{"type":"string","description_kind":"plain","computed":true},"tenant_ref":{"type":"string","description_kind":"plain","optional":true,"computed":true},"uuid":{"type":"string","description_kind":"plain","optional":true,"computed":true}},"description_kind":"plain"}},"avi_botdetectionpolicy":{"version":0,"block":{"attributes":{"allow_list":{"type":["set",["object",{"rules":["list",["object",{"action":"string","condition":["set",["object",{"bot_detection_result":["set",["object",{"classifications":["list",["object",{"type":"string","user_defined_type":"string"}]],"match_operation":"string"}]],"client_ip":["set",["object",{"addrs":["list",["object",{"addr":"string","type":"string"}]],"group_refs":["list","string"],"match_criteria":"string","prefixes":["list",["object",{"ip_addr":["set",["object",{"addr":"string","type":"string"}]],"mask":"string"}]],"ranges":["list",["object",{"begin":["set",["object",{"addr":"string","type":"string"}]],"end":["set",["object",{"addr":"string","type":"string"}]]}]]}]],"cookie":["set",["object",{"match_case":"string","match_criteria":"string","name":"string","value":"string"}]],"geo_matches":["list",["object",{"attribute":"string","match_operation":"string","values":["list","string"]}]],"hdrs":["list",["object",{"hdr":"string","match_case":"string","match_criteria":"string","value":["list","string"]}]],"host_hdr":["set",["object",{"match_case":"string","match_criteria":"string","value":["list","string"]}]],"ip_reputation_type":["set",["object",{"match_operation":"string","reputation_types":["list","string"]}]],"method":["set",["object",{"match_criteria":"string","methods":["list","string"]}]],"path":["set",["object",{"match_case":"string","match_criteria":"string","match_str":["list","string"],"string_group_refs":["list","string"]}]],"protocol":["set",["object",{"match_criteria":"string","protocols":"string"}]],"query":["set",["object",{"match_case":"string","match_criteria":"string","match_str":["list","string"],"string_group_refs":["list","string"]}]],"version":["set",["object",{"match_criteria":"string","versions":["list","string"]}]],"vs_port":["set",["object",{"match_criteria":"string","ports":["list","number"]}]]}]],"index":"string","name":"string"}]]}]],"description_kind":"plain","computed":true},"description":{"type":"string","description_kind":"plain","computed":true},"id":{"type":"string","description_kind":"plain","optional":true,"computed":true},"ip_location_detector":{"type":["set",["object",{"enabled":"string","ip_location_db_ref":"string","system_cloud_providers_ref":"string","system_search_engines_ref":"string"}]],"description_kind":"plain","computed":true},"ip_reputation_detector":{"type":["set",["object",{"enabled":"string","ip_reputation_db_ref":"string","system_ip_reputation_mapping_ref":"string"}]],"description_kind":"plain","computed":true},"name":{"type":"string","description_kind":"plain","optional":true,"computed":true},"system_bot_mapping_ref":{"type":"string","description_kind":"plain","computed":true},"system_consolidator_ref":{"type":"string","description_kind":"plain","computed":true},"tenant_ref":{"type":"string","description_kind":"plain","optional":true,"computed":true},"user_agent_detector":{"type":["set",["object",{"enabled":"string"}]],"description_kind":"plain","computed":true},"user_bot_mapping_ref":{"type":"string","description_kind":"plain","computed":true},"user_consolidator_ref":{"type":"string","description_kind":"plain","computed":true},"uuid":{"type":"string","description_kind":"plain","optional":true,"computed":true}},"description_kind":"plain"}},"avi_botipreputationtypemapping":{"version":0,"block":{"attributes":{"id":{"type":"string","description_kind":"plain","optional":true,"computed":true},"ip_reputation_mappings":{"type":["list",["object",{"bot_identification":["set",["object",{"class":"string","identifier":"string","type":"string"}]],"ip_reputation_type":"string"}]],"description_kind":"plain","computed":true},"name":{"type":"string","description_kind":"plain","optional":true,"computed":true},"tenant_ref":{"type":"string","description_kind":"plain","optional":true,"computed":true},"uuid":{"type":"string","description_kind":"plain","optional":true,"computed":true}},"description_kind":"plain"}},"avi_botmapping":{"version":0,"block":{"attributes":{"id":{"type":"string","description_kind":"plain","optional":true,"computed":true},"mapping_rules":{"type":["list",["object",{"class_matcher":["set",["object",{"client_classes":["list","string"],"op":"string"}]],"classification":["set",["object",{"type":"string","user_defined_type":"string"}]],"component_matcher":"string","identifier_matcher":["set",["object",{"match_criteria":"string","match_str":["list","string"],"string_group_refs":["list","string"]}]],"index":"string","name":"string","type_matcher":["set",["object",{"client_types":["list","string"],"op":"string"}]]}]],"description_kind":"plain","computed":true},"name":{"type":"string","description_kind":"plain","optional":true,"computed":true},"tenant_ref":{"type":"string","description_kind":"plain","optional":true,"computed":true},"uuid":{"type":"string","description_kind":"plain","optional":true,"computed":true}},"description_kind":"plain"}},"avi_certificatemanagementprofile":{"version":0,"block":{"attributes":{"configpb_attributes":{"type":["set",["object",{"version":"string"}]],"description_kind":"plain","computed":true},"id":{"type":"string","description_kind":"plain","optional":true,"computed":true},"markers":{"type":["list",["object",{"key":"string","values":["list","string"]}]],"description_kind":"plain","computed":true},"name":{"type":"string","description_kind":"plain","optional":true,"computed":true},"run_script_ref":{"type":"string","description_kind":"plain","computed":true},"script_params":{"type":["list",["object",{"is_dynamic":"string","is_sensitive":"string","name":"string","value":"string"}]],"description_kind":"plain","computed":true},"tenant_ref":{"type":"string","description_kind":"plain","optional":true,"computed":true},"uuid":{"type":"string","description_kind":"plain","optional":true,"computed":true}},"description_kind":"plain"}},"avi_cloud":{"version":0,"block":{"attributes":{"autoscale_polling_interval":{"type":"string","description_kind":"plain","computed":true},"aws_configuration":{"type":["set",["object",{"access_key_id":"string","asg_poll_interval":"string","ebs_encryption":["set",["object",{"master_key":"string","mode":"string"}]],"free_elasticips":"string","iam_assume_role":"string","publish_vip_to_public_zone":"string","region":"string","route53_integration":"string","s3_encryption":["set",["object",{"master_key":"string","mode":"string"}]],"secret_access_key":"string","sqs_encryption":["set",["object",{"master_key":"string","mode":"string"}]],"ttl":"string","use_iam_roles":"string","use_sns_sqs":"string","vpc":"string","vpc_id":"string","zones":["list",["object",{"availability_zone":"string","mgmt_network_name":"string","mgmt_network_uuid":"string"}]]}]],"description_kind":"plain","computed":true},"azure_configuration":{"type":["set",["object",{"availability_zones":["list","string"],"cloud_credentials_ref":"string","des_id":"string","location":"string","network_info":["list",["object",{"management_network_id":"string","se_network_id":"string","virtual_network_id":"string"}]],"resource_group":"string","subscription_id":"string","use_azure_dns":"string","use_enhanced_ha":"string","use_managed_disks":"string","use_standard_alb":"string"}]],"description_kind":"plain","computed":true},"cloudstack_configuration":{"type":["set",["object",{"access_key_id":"string","api_url":"string","cntr_public_ip":"string","hypervisor":"string","mgmt_network_name":"string","mgmt_network_uuid":"string","secret_access_key":"string"}]],"description_kind":"plain","computed":true},"configpb_attributes":{"type":["set",["object",{"version":"string"}]],"description_kind":"plain","computed":true},"custom_tags":{"type":["list",["object",{"tag_key":"string","tag_val":"string"}]],"description_kind":"plain","computed":true},"dhcp_enabled":{"type":"string","description_kind":"plain","computed":true},"dns_provider_ref":{"type":"string","description_kind":"plain","computed":true},"dns_resolution_on_se":{"type":"string","description_kind":"plain","computed":true},"dns_resolvers":{"type":["list",["object",{"fixed_ttl":"string","min_ttl":"string","nameserver_ips":["list",["object",{"addr":"string","type":"string"}]],"resolver_name":"string","use_mgmt":"string"}]],"description_kind":"plain","computed":true},"docker_configuration":{"type":["set",["object",{"app_sync_frequency":"string","ca_tls_key_and_certificate_ref":"string","client_tls_key_and_certificate_ref":"string","container_port_match_http_service":"string","coredump_directory":"string","disable_auto_backend_service_sync":"string","disable_auto_frontend_service_sync":"string","disable_auto_se_creation":"string","docker_registry_se":["set",["object",{"oshift_registry":["set",["object",{"registry_namespace":"string","registry_service":"string","registry_vip":["set",["object",{"addr":"string","type":"string"}]]}]],"password":"string","private":"string","registry":"string","username":"string"}]],"east_west_placement_subnet":["set",["object",{"ip_addr":["set",["object",{"addr":"string","type":"string"}]],"mask":"string"}]],"enable_event_subscription":"string","feproxy_container_port_as_service":"string","feproxy_vips_enable_proxy_arp":"string","fleet_endpoint":"string","http_container_ports":["list","number"],"se_deployment_method":"string","se_exclude_attributes":["list",["object",{"attribute":"string","value":"string"}]],"se_include_attributes":["list",["object",{"attribute":"string","value":"string"}]],"se_spawn_rate":"string","se_volume":"string","services_accessible_all_interfaces":"string","ssh_user_ref":"string","ucp_nodes":["list","string"],"use_container_ip_port":"string","use_controller_image":"string"}]],"description_kind":"plain","computed":true},"east_west_dns_provider_ref":{"type":"string","description_kind":"plain","computed":true},"east_west_ipam_provider_ref":{"type":"string","description_kind":"plain","computed":true},"enable_vip_on_all_interfaces":{"type":"string","description_kind":"plain","computed":true},"enable_vip_static_routes":{"type":"string","description_kind":"plain","computed":true},"gcp_configuration":{"type":["set",["object",{"cloud_credentials_ref":"string","encryption_keys":["set",["object",{"gcs_bucket_kms_key_id":"string","gcs_objects_kms_key_id":"string","se_disk_kms_key_id":"string","se_image_kms_key_id":"string"}]],"firewall_target_tags":["list","string"],"gcp_service_account_email":"string","gcs_bucket_name":"string","gcs_project_id":"string","network_config":["set",["object",{"config":"string","inband":["set",["object",{"vpc_network_name":"string","vpc_project_id":"string","vpc_subnet_name":"string"}]],"one_arm":["set",["object",{"data_vpc_network_name":"string","data_vpc_project_id":"string","data_vpc_subnet_name":"string","management_vpc_network_name":"string","management_vpc_project_id":"string","management_vpc_subnet_name":"string"}]],"two_arm":["set",["object",{"backend_data_vpc_network_name":"string","backend_data_vpc_project_id":"string","backend_data_vpc_subnet_name":"string","frontend_data_vpc_network_name":"string","frontend_data_vpc_project_id":"string","frontend_data_vpc_subnet_name":"string","management_vpc_network_name":"string","management_vpc_project_id":"string","management_vpc_subnet_name":"string"}]]}]],"region_name":"string","se_project_id":"string","vip_allocation_strategy":["set",["object",{"ilb":["set",["object",{"cloud_router_names":["list","string"]}]],"mode":"string","routes":["set",["object",{"match_se_group_subnet":"string","route_priority":"string"}]]}]],"zones":["list","string"]}]],"description_kind":"plain","computed":true},"id":{"type":"string","description_kind":"plain","optional":true,"computed":true},"ip6_autocfg_enabled":{"type":"string","description_kind":"plain","computed":true},"ipam_provider_ref":{"type":"string","description_kind":"plain","computed":true},"license_tier":{"type":"string","description_kind":"plain","computed":true},"license_type":{"type":"string","description_kind":"plain","computed":true},"linuxserver_configuration":{"type":["set",["object",{"hosts":["list",["object",{"host_attr":["list",["object",{"attr_key":"string","attr_val":"string"}]],"host_ip":["set",["object",{"addr":"string","type":"string"}]],"node_availability_zone":"string","se_group_ref":"string"}]],"se_inband_mgmt":"string","se_log_disk_path":"string","se_log_disk_size_gb":"string","se_sys_disk_path":"string","se_sys_disk_size_gb":"string","ssh_user_ref":"string"}]],"description_kind":"plain","computed":true},"maintenance_mode":{"type":"string","description_kind":"plain","computed":true},"mtu":{"type":"string","description_kind":"plain","computed":true},"name":{"type":"string","description_kind":"plain","optional":true,"computed":true},"nsxt_configuration":{"type":["set",["object",{"automate_dfw_rules":"string","data_network_config":["set",["object",{"tier1_segment_config":["set",["object",{"automatic":["set",["object",{"nsxt_segment_subnet":["set",["object",{"ip_addr":["set",["object",{"addr":"string","type":"string"}]],"mask":"string"}]],"num_se_per_segment":"string","tier1_lr_ids":["list","string"]}]],"manual":["set",["object",{"tier1_lrs":["list",["object",{"segment_id":"string","tier1_lr_id":"string"}]]}]],"segment_config_mode":"string"}]],"transport_zone":"string","tz_type":"string","vlan_segments":["list","string"]}]],"domain_id":"string","enforcementpoint_id":"string","management_network_config":["set",["object",{"overlay_segment":["set",["object",{"segment_id":"string","tier1_lr_id":"string"}]],"transport_zone":"string","tz_type":"string","vlan_segment":"string"}]],"nsxt_credentials_ref":"string","nsxt_url":"string","site_id":"string"}]],"description_kind":"plain","computed":true},"obj_name_prefix":{"type":"string","description_kind":"plain","computed":true},"openstack_configuration":{"type":["set",["object",{"admin_tenant":"string","admin_tenant_uuid":"string","allowed_address_pairs":"string","anti_affinity":"string","auth_url":"string","config_drive":"string","contrail_disable_policy":"string","contrail_endpoint":"string","contrail_plugin":"string","custom_se_image_properties":["list",["object",{"name":"string","value":"string"}]],"external_networks":"string","free_floatingips":"string","hypervisor":"string","hypervisor_properties":["list",["object",{"hypervisor":"string","image_properties":["list",["object",{"name":"string","value":"string"}]]}]],"img_format":"string","import_keystone_tenants":"string","insecure":"string","keystone_host":"string","map_admin_to_cloudadmin":"string","mgmt_network_name":"string","mgmt_network_uuid":"string","name_owner":"string","neutron_rbac":"string","password":"string","privilege":"string","prov_name":["list","string"],"provider_vip_networks":["list",["object",{"os_network_uuid":"string","os_tenant_uuids":["list","string"]}]],"region":"string","role_mapping":["list",["object",{"avi_role":"string","os_role":"string"}]],"security_groups":"string","tenant_se":"string","use_admin_url":"string","use_internal_endpoints":"string","use_keystone_auth":"string","username":"string"}]],"description_kind":"plain","computed":true},"prefer_static_routes":{"type":"string","description_kind":"plain","computed":true},"proxy_configuration":{"type":["set",["object",{"host":"string","password":"string","port":"string","username":"string"}]],"description_kind":"plain","computed":true},"rancher_configuration":{"type":["set",["object",{"access_key":"string","app_sync_frequency":"string","container_port_match_http_service":"string","coredump_directory":"string","disable_auto_backend_service_sync":"string","disable_auto_frontend_service_sync":"string","disable_auto_se_creation":"string","docker_registry_se":["set",["object",{"oshift_registry":["set",["object",{"registry_namespace":"string","registry_service":"string","registry_vip":["set",["object",{"addr":"string","type":"string"}]]}]],"password":"string","private":"string","registry":"string","username":"string"}]],"east_west_placement_subnet":["set",["object",{"ip_addr":["set",["object",{"addr":"string","type":"string"}]],"mask":"string"}]],"enable_event_subscription":"string","feproxy_container_port_as_service":"string","feproxy_vips_enable_proxy_arp":"string","fleet_endpoint":"string","http_container_ports":["list","number"],"nuage_controller":["set",["object",{"nuage_organization":"string","nuage_password":"string","nuage_port":"string","nuage_username":"string","nuage_vsd_host":"string","se_domain":"string","se_enterprise":"string","se_network":"string","se_policy_group":"string","se_user":"string","se_zone":"string"}]],"rancher_servers":["list","string"],"se_deployment_method":"string","se_exclude_attributes":["list",["object",{"attribute":"string","value":"string"}]],"se_include_attributes":["list",["object",{"attribute":"string","value":"string"}]],"se_spawn_rate":"string","se_volume":"string","secret_key":"string","services_accessible_all_interfaces":"string","ssh_user_ref":"string","use_container_ip_port":"string","use_controller_image":"string"}]],"description_kind":"plain","computed":true},"se_group_template_ref":{"type":"string","description_kind":"plain","computed":true},"state_based_dns_registration":{"type":"string","description_kind":"plain","computed":true},"tenant_ref":{"type":"string","description_kind":"plain","optional":true,"computed":true},"uuid":{"type":"string","description_kind":"plain","optional":true,"computed":true},"vca_configuration":{"type":["set",["object",{"privilege":"string","vca_host":"string","vca_instance":"string","vca_mgmt_network":"string","vca_orgnization":"string","vca_password":"string","vca_username":"string","vca_vdc":"string"}]],"description_kind":"plain","computed":true},"vcenter_configuration":{"type":["set",["object",{"datacenter":"string","deactivate_vm_discovery":"string","management_ip_subnet":["set",["object",{"ip_addr":["set",["object",{"addr":"string","type":"string"}]],"mask":"string"}]],"management_network":"string","password":"string","privilege":"string","username":"string","vcenter_template_se_location":"string","vcenter_url":"string"}]],"description_kind":"plain","computed":true},"vmc_deployment":{"type":"string","description_kind":"plain","computed":true},"vtype":{"type":"string","description_kind":"plain","computed":true}},"description_kind":"plain"}},"avi_cloudconnectoruser":{"version":0,"block":{"attributes":{"azure_serviceprincipal":{"type":["set",["object",{"application_id":"string","authentication_token":"string","tenant_id":"string"}]],"description_kind":"plain","computed":true},"azure_userpass":{"type":["set",["object",{"password":"string","tenant_name":"string","username":"string"}]],"description_kind":"plain","computed":true},"configpb_attributes":{"type":["set",["object",{"version":"string"}]],"description_kind":"plain","computed":true},"gcp_credentials":{"type":["set",["object",{"service_account_keyfile_data":"string"}]],"description_kind":"plain","computed":true},"id":{"type":"string","description_kind":"plain","optional":true,"computed":true},"name":{"type":"string","description_kind":"plain","optional":true,"computed":true},"nsxt_credentials":{"type":["set",["object",{"password":"string","username":"string"}]],"description_kind":"plain","computed":true},"oci_credentials":{"type":["set",["object",{"fingerprint":"string","key_content":"string","pass_phrase":"string","user":"string"}]],"description_kind":"plain","computed":true},"password":{"type":"string","description_kind":"plain","computed":true},"private_key":{"type":"string","description_kind":"plain","computed":true},"public_key":{"type":"string","description_kind":"plain","computed":true},"tenant_ref":{"type":"string","description_kind":"plain","optional":true,"computed":true},"tencent_credentials":{"type":["set",["object",{"secret_id":"string","secret_key":"string"}]],"description_kind":"plain","computed":true},"uuid":{"type":"string","description_kind":"plain","optional":true,"computed":true},"vcenter_credentials":{"type":["set",["object",{"password":"string","username":"string"}]],"description_kind":"plain","computed":true}},"description_kind":"plain"}},"avi_cloudproperties":{"version":0,"block":{"attributes":{"cc_props":{"type":["set",["object",{"rpc_poll_interval":"string","rpc_queue_size":"string"}]],"description_kind":"plain","computed":true},"cc_vtypes":{"type":["list","string"],"description_kind":"plain","computed":true},"configpb_attributes":{"type":["set",["object",{"version":"string"}]],"description_kind":"plain","computed":true},"hyp_props":{"type":["list",["object",{"htype":"string","max_ips_per_nic":"string","max_nics":"string"}]],"description_kind":"plain","computed":true},"id":{"type":"string","description_kind":"plain","optional":true,"computed":true},"info":{"type":["list",["object",{"cca_props":["set",["object",{"async_retries":"string","async_retries_delay":"string","poll_duration_target":"string","poll_fast_target":"string","poll_slow_target":"string","vnic_retries":"string","vnic_retries_delay":"string"}]],"controller_props":["set",["object",{"allow_admin_network_updates":"string","allow_ip_forwarding":"string","allow_unauthenticated_apis":"string","allow_unauthenticated_nodes":"string","api_idle_timeout":"string","api_perf_logging_threshold":"string","appviewx_compat_mode":"string","async_patch_merge_period":"string","async_patch_request_cleanup_duration":"string","attach_ip_retry_interval":"string","attach_ip_retry_limit":"string","bm_use_ansible":"string","check_vsvip_fqdn_syntax":"string","cleanup_expired_authtoken_timeout_period":"string","cleanup_sessions_timeout_period":"string","cloud_reconcile":"string","cluster_ip_gratuitous_arp_period":"string","configpb_attributes":["set",["object",{"version":"string"}]],"consistency_check_timeout_period":"string","controller_resource_info_collection_period":"string","crashed_se_reboot":"string","dead_se_detection_timer":"string","default_minimum_api_timeout":"string","del_offline_se_after_reboot_delay":"string","dns_refresh_period":"string","dummy":"string","edit_system_limits":"string","enable_api_sharding":"string","enable_memory_balancer":"string","enable_per_process_stop":"string","enable_resmgr_log_cache_print":"string","fatal_error_lease_time":"string","federated_datastore_cleanup_duration":"string","file_object_cleanup_period":"string","max_dead_se_in_grp":"string","max_pcap_per_tenant":"string","max_se_spawn_interval_delay":"string","max_seq_attach_ip_failures":"string","max_seq_vnic_failures":"string","max_threads_cc_vip_bg_worker":"string","permission_scoped_shared_admin_networks":"string","persistence_key_rotate_period":"string","portal_request_burst_limit":"string","portal_request_rate_limit":"string","portal_token":"string","process_locked_useraccounts_timeout_period":"string","process_pki_profile_timeout_period":"string","query_host_fail":"string","resmgr_log_caching_period":"string","safenet_hsm_version":"string","se_create_timeout":"string","se_failover_attempt_interval":"string","se_from_marketplace":"string","se_offline_del":"string","se_spawn_retry_interval":"string","se_vnic_cooldown":"string","se_vnic_gc_wait_time":"string","secure_channel_cleanup_timeout":"string","secure_channel_controller_token_timeout":"string","secure_channel_se_token_timeout":"string","seupgrade_copy_pool_size":"string","seupgrade_fabric_pool_size":"string","seupgrade_segroup_min_dead_timeout":"string","shared_ssl_certificates":"string","ssl_certificate_expiry_warning_days":["list","number"],"unresponsive_se_reboot":"string","upgrade_dns_ttl":"string","upgrade_fat_se_lease_time":"string","upgrade_lease_time":"string","upgrade_se_per_vs_scale_ops_txn_time":"string","user_agent_cache_config":["set",["object",{"batch_size":"string","controller_cache_size":"string","max_upstream_queries":"string","max_wait_time":"string","num_entries_upstream_update":"string","percent_reserved_for_bad_bots":"string","percent_reserved_for_browsers":"string","percent_reserved_for_good_bots":"string","percent_reserved_for_outstanding":"string","se_cache_size":"string","upstream_update_interval":"string"}]],"uuid":"string","vnic_op_fail_time":"string","vs_awaiting_se_timeout":"string","vs_key_rotate_period":"string","vs_scaleout_ready_check_interval":"string","vs_se_attach_ip_fail":"string","vs_se_bootup_fail":"string","vs_se_create_fail":"string","vs_se_ping_fail":"string","vs_se_vnic_fail":"string","vs_se_vnic_ip_fail":"string","warmstart_se_reconnect_wait_time":"string","warmstart_vs_resync_wait_time":"string"}]],"flavor_props":["list",["object",{"cost":"string","disk_gb":"string","enhanced_nw":"string","id":"string","is_recommended":"string","max_ip6s_per_nic":"string","max_ips_per_nic":"string","max_nics":"string","meta":["list",["object",{"key":"string","value":"string"}]],"name":"string","public":"string","ram_mb":"string","vcpus":"string"}]],"flavor_regex_filter":"string","htypes":["list","string"],"vtype":"string"}]],"description_kind":"plain","computed":true},"uuid":{"type":"string","description_kind":"plain","optional":true,"computed":true}},"description_kind":"plain"}},"avi_cluster":{"version":0,"block":{"attributes":{"id":{"type":"string","description_kind":"plain","optional":true,"computed":true},"name":{"type":"string","description_kind":"plain","optional":true,"computed":true},"nodes":{"type":["list",["object",{"categories":["list","string"],"ip":["set",["object",{"addr":"string","type":"string"}]],"name":"string","password":"string","public_ip_or_name":["set",["object",{"addr":"string","type":"string"}]],"vm_hostname":"string","vm_mor":"string","vm_name":"string","vm_uuid":"string"}]],"description_kind":"plain","computed":true},"rejoin_nodes_automatically":{"type":"string","description_kind":"plain","computed":true},"tenant_ref":{"type":"string","description_kind":"plain","optional":true,"computed":true},"uuid":{"type":"string","description_kind":"plain","optional":true,"computed":true},"virtual_ip":{"type":["set",["object",{"addr":"string","type":"string"}]],"description_kind":"plain","computed":true}},"block_types":{"cluster_state":{"nesting_mode":"set","block":{"attributes":{"progress":{"type":"string","description_kind":"plain","optional":true,"computed":true},"state":{"type":"string","description_kind":"plain","optional":true,"computed":true},"up_since":{"type":"string","description_kind":"plain","optional":true,"computed":true}},"description_kind":"plain"}}},"description_kind":"plain"}},"avi_clusterclouddetails":{"version":0,"block":{"attributes":{"azure_info":{"type":["set",["object",{"cloud_credential_ref":"string","subscription_id":"string"}]],"description_kind":"plain","computed":true},"configpb_attributes":{"type":["set",["object",{"version":"string"}]],"description_kind":"plain","computed":true},"id":{"type":"string","description_kind":"plain","optional":true,"computed":true},"name":{"type":"string","description_kind":"plain","optional":true,"computed":true},"tenant_ref":{"type":"string","description_kind":"plain","optional":true,"computed":true},"uuid":{"type":"string","description_kind":"plain","optional":true,"computed":true}},"description_kind":"plain"}},"avi_controllerportalregistration":{"version":0,"block":{"attributes":{"asset":{"type":["set",["object",{"asset_id":"string"}]],"description_kind":"plain","computed":true},"id":{"type":"string","description_kind":"plain","optional":true,"computed":true},"name":{"type":"string","description_kind":"plain","optional":true,"computed":true},"portal_auth":{"type":["set",["object",{"access_token":"string","instance_url":"string","jwt_token":"string"}]],"description_kind":"plain","computed":true},"tenant_ref":{"type":"string","description_kind":"plain","optional":true,"computed":true},"uuid":{"type":"string","description_kind":"plain","optional":true,"computed":true}},"description_kind":"plain"}},"avi_controllerproperties":{"version":0,"block":{"attributes":{"allow_admin_network_updates":{"type":"string","description_kind":"plain","computed":true},"allow_ip_forwarding":{"type":"string","description_kind":"plain","computed":true},"allow_unauthenticated_apis":{"type":"string","description_kind":"plain","computed":true},"allow_unauthenticated_nodes":{"type":"string","description_kind":"plain","computed":true},"api_idle_timeout":{"type":"string","description_kind":"plain","computed":true},"api_perf_logging_threshold":{"type":"string","description_kind":"plain","computed":true},"appviewx_compat_mode":{"type":"string","description_kind":"plain","computed":true},"async_patch_merge_period":{"type":"string","description_kind":"plain","computed":true},"async_patch_request_cleanup_duration":{"type":"string","description_kind":"plain","computed":true},"attach_ip_retry_interval":{"type":"string","description_kind":"plain","computed":true},"attach_ip_retry_limit":{"type":"string","description_kind":"plain","computed":true},"bm_use_ansible":{"type":"string","description_kind":"plain","computed":true},"check_vsvip_fqdn_syntax":{"type":"string","description_kind":"plain","computed":true},"cleanup_expired_authtoken_timeout_period":{"type":"string","description_kind":"plain","computed":true},"cleanup_sessions_timeout_period":{"type":"string","description_kind":"plain","computed":true},"cloud_reconcile":{"type":"string","description_kind":"plain","computed":true},"cluster_ip_gratuitous_arp_period":{"type":"string","description_kind":"plain","computed":true},"configpb_attributes":{"type":["set",["object",{"version":"string"}]],"description_kind":"plain","computed":true},"consistency_check_timeout_period":{"type":"string","description_kind":"plain","computed":true},"controller_resource_info_collection_period":{"type":"string","description_kind":"plain","computed":true},"crashed_se_reboot":{"type":"string","description_kind":"plain","computed":true},"dead_se_detection_timer":{"type":"string","description_kind":"plain","computed":true},"default_minimum_api_timeout":{"type":"string","description_kind":"plain","computed":true},"del_offline_se_after_reboot_delay":{"type":"string","description_kind":"plain","computed":true},"dns_refresh_period":{"type":"string","description_kind":"plain","computed":true},"dummy":{"type":"string","description_kind":"plain","computed":true},"edit_system_limits":{"type":"string","description_kind":"plain","computed":true},"enable_api_sharding":{"type":"string","description_kind":"plain","computed":true},"enable_memory_balancer":{"type":"string","description_kind":"plain","computed":true},"enable_per_process_stop":{"type":"string","description_kind":"plain","computed":true},"enable_resmgr_log_cache_print":{"type":"string","description_kind":"plain","computed":true},"fatal_error_lease_time":{"type":"string","description_kind":"plain","computed":true},"federated_datastore_cleanup_duration":{"type":"string","description_kind":"plain","computed":true},"file_object_cleanup_period":{"type":"string","description_kind":"plain","computed":true},"id":{"type":"string","description_kind":"plain","optional":true,"computed":true},"max_dead_se_in_grp":{"type":"string","description_kind":"plain","computed":true},"max_pcap_per_tenant":{"type":"string","description_kind":"plain","computed":true},"max_se_spawn_interval_delay":{"type":"string","description_kind":"plain","computed":true},"max_seq_attach_ip_failures":{"type":"string","description_kind":"plain","computed":true},"max_seq_vnic_failures":{"type":"string","description_kind":"plain","computed":true},"max_threads_cc_vip_bg_worker":{"type":"string","description_kind":"plain","computed":true},"permission_scoped_shared_admin_networks":{"type":"string","description_kind":"plain","computed":true},"persistence_key_rotate_period":{"type":"string","description_kind":"plain","computed":true},"portal_request_burst_limit":{"type":"string","description_kind":"plain","computed":true},"portal_request_rate_limit":{"type":"string","description_kind":"plain","computed":true},"portal_token":{"type":"string","description_kind":"plain","computed":true},"process_locked_useraccounts_timeout_period":{"type":"string","description_kind":"plain","computed":true},"process_pki_profile_timeout_period":{"type":"string","description_kind":"plain","computed":true},"query_host_fail":{"type":"string","description_kind":"plain","computed":true},"resmgr_log_caching_period":{"type":"string","description_kind":"plain","computed":true},"safenet_hsm_version":{"type":"string","description_kind":"plain","computed":true},"se_create_timeout":{"type":"string","description_kind":"plain","computed":true},"se_failover_attempt_interval":{"type":"string","description_kind":"plain","computed":true},"se_from_marketplace":{"type":"string","description_kind":"plain","computed":true},"se_offline_del":{"type":"string","description_kind":"plain","computed":true},"se_spawn_retry_interval":{"type":"string","description_kind":"plain","computed":true},"se_vnic_cooldown":{"type":"string","description_kind":"plain","computed":true},"se_vnic_gc_wait_time":{"type":"string","description_kind":"plain","computed":true},"secure_channel_cleanup_timeout":{"type":"string","description_kind":"plain","computed":true},"secure_channel_controller_token_timeout":{"type":"string","description_kind":"plain","computed":true},"secure_channel_se_token_timeout":{"type":"string","description_kind":"plain","computed":true},"seupgrade_copy_pool_size":{"type":"string","description_kind":"plain","computed":true},"seupgrade_fabric_pool_size":{"type":"string","description_kind":"plain","computed":true},"seupgrade_segroup_min_dead_timeout":{"type":"string","description_kind":"plain","computed":true},"shared_ssl_certificates":{"type":"string","description_kind":"plain","computed":true},"ssl_certificate_expiry_warning_days":{"type":["list","number"],"description_kind":"plain","computed":true},"unresponsive_se_reboot":{"type":"string","description_kind":"plain","computed":true},"upgrade_dns_ttl":{"type":"string","description_kind":"plain","computed":true},"upgrade_fat_se_lease_time":{"type":"string","description_kind":"plain","computed":true},"upgrade_lease_time":{"type":"string","description_kind":"plain","computed":true},"upgrade_se_per_vs_scale_ops_txn_time":{"type":"string","description_kind":"plain","computed":true},"user_agent_cache_config":{"type":["set",["object",{"batch_size":"string","controller_cache_size":"string","max_upstream_queries":"string","max_wait_time":"string","num_entries_upstream_update":"string","percent_reserved_for_bad_bots":"string","percent_reserved_for_browsers":"string","percent_reserved_for_good_bots":"string","percent_reserved_for_outstanding":"string","se_cache_size":"string","upstream_update_interval":"string"}]],"description_kind":"plain","computed":true},"uuid":{"type":"string","description_kind":"plain","optional":true,"computed":true},"vnic_op_fail_time":{"type":"string","description_kind":"plain","computed":true},"vs_awaiting_se_timeout":{"type":"string","description_kind":"plain","computed":true},"vs_key_rotate_period":{"type":"string","description_kind":"plain","computed":true},"vs_scaleout_ready_check_interval":{"type":"string","description_kind":"plain","computed":true},"vs_se_attach_ip_fail":{"type":"string","description_kind":"plain","computed":true},"vs_se_bootup_fail":{"type":"string","description_kind":"plain","computed":true},"vs_se_create_fail":{"type":"string","description_kind":"plain","computed":true},"vs_se_ping_fail":{"type":"string","description_kind":"plain","computed":true},"vs_se_vnic_fail":{"type":"string","description_kind":"plain","computed":true},"vs_se_vnic_ip_fail":{"type":"string","description_kind":"plain","computed":true},"warmstart_se_reconnect_wait_time":{"type":"string","description_kind":"plain","computed":true},"warmstart_vs_resync_wait_time":{"type":"string","description_kind":"plain","computed":true}},"description_kind":"plain"}},"avi_controllersite":{"version":0,"block":{"attributes":{"address":{"type":"string","description_kind":"plain","computed":true},"configpb_attributes":{"type":["set",["object",{"version":"string"}]],"description_kind":"plain","computed":true},"id":{"type":"string","description_kind":"plain","optional":true,"computed":true},"name":{"type":"string","description_kind":"plain","optional":true,"computed":true},"port":{"type":"string","description_kind":"plain","computed":true},"tenant_ref":{"type":"string","description_kind":"plain","optional":true,"computed":true},"uuid":{"type":"string","description_kind":"plain","optional":true,"computed":true}},"description_kind":"plain"}},"avi_customipamdnsprofile":{"version":0,"block":{"attributes":{"configpb_attributes":{"type":["set",["object",{"version":"string"}]],"description_kind":"plain","computed":true},"id":{"type":"string","description_kind":"plain","optional":true,"computed":true},"name":{"type":"string","description_kind":"plain","optional":true,"computed":true},"script_params":{"type":["list",["object",{"is_dynamic":"string","is_sensitive":"string","name":"string","value":"string"}]],"description_kind":"plain","computed":true},"script_uri":{"type":"string","description_kind":"plain","computed":true},"tenant_ref":{"type":"string","description_kind":"plain","optional":true,"computed":true},"uuid":{"type":"string","description_kind":"plain","optional":true,"computed":true}},"description_kind":"plain"}},"avi_dnspolicy":{"version":0,"block":{"attributes":{"configpb_attributes":{"type":["set",["object",{"version":"string"}]],"description_kind":"plain","computed":true},"created_by":{"type":"string","description_kind":"plain","computed":true},"description":{"type":"string","description_kind":"plain","computed":true},"id":{"type":"string","description_kind":"plain","optional":true,"computed":true},"internal":{"type":"string","description_kind":"plain","computed":true},"markers":{"type":["list",["object",{"key":"string","values":["list","string"]}]],"description_kind":"plain","computed":true},"name":{"type":"string","description_kind":"plain","optional":true,"computed":true},"rule":{"type":["list",["object",{"action":["set",["object",{"allow":["set",["object",{"allow":"string","reset_conn":"string"}]],"dns_rate_limiter":["set",["object",{"action":["set",["object",{"type":"string"}]],"rate_limiter_object":["set",["object",{"burst_sz":"string","count":"string","name":"string","period":"string"}]]}]],"gslb_site_selection":["set",["object",{"fallback_site_names":["list","string"],"is_site_preferred":"string","site_name":"string"}]],"pool_switching":["set",["object",{"pool_group_ref":"string","pool_ref":"string"}]],"response":["set",["object",{"authoritative":"string","rcode":"string","resource_record_sets":["list",["object",{"resource_record_set":["set",["object",{"cname":["set",["object",{"cname":"string"}]],"fqdn":"string","ip6_addresses":["list",["object",{"ip6_address":["set",["object",{"addr":"string","type":"string"}]]}]],"ip_addresses":["list",["object",{"ip_address":["set",["object",{"addr":"string","type":"string"}]]}]],"nses":["list",["object",{"ip6_address":["set",["object",{"addr":"string","type":"string"}]],"ip_address":["set",["object",{"addr":"string","type":"string"}]],"nsname":"string"}]],"ttl":"string","type":"string"}]],"section":"string"}]],"truncation":"string"}]]}]],"enable":"string","index":"string","log":"string","match":["set",["object",{"client_ip_address":["set",["object",{"client_ip":["set",["object",{"addrs":["list",["object",{"addr":"string","type":"string"}]],"group_refs":["list","string"],"match_criteria":"string","prefixes":["list",["object",{"ip_addr":["set",["object",{"addr":"string","type":"string"}]],"mask":"string"}]],"ranges":["list",["object",{"begin":["set",["object",{"addr":"string","type":"string"}]],"end":["set",["object",{"addr":"string","type":"string"}]]}]]}]],"use_edns_client_subnet_ip":"string"}]],"client_port_numbers":["set",["object",{"client_ports":["set",["object",{"match_criteria":"string","ports":["list","number"],"ranges":["list",["object",{"end":"string","start":"string"}]]}]]}]],"geo_location":["set",["object",{"geolocation_name":"string","geolocation_tag":"string","match_criteria":"string","use_edns_client_subnet_ip":"string"}]],"protocol":["set",["object",{"match_criteria":"string","protocol":"string"}]],"query_name":["set",["object",{"match_criteria":"string","query_domain_names":["list","string"],"string_group_refs":["list","string"]}]],"query_type":["set",["object",{"match_criteria":"string","query_type":["list","string"]}]]}]],"name":"string"}]],"description_kind":"plain","computed":true},"tenant_ref":{"type":"string","description_kind":"plain","optional":true,"computed":true},"uuid":{"type":"string","description_kind":"plain","optional":true,"computed":true}},"description_kind":"plain"}},"avi_dynamicdnsrecord":{"version":0,"block":{"attributes":{"algorithm":{"type":"string","description_kind":"plain","computed":true},"cname":{"type":["set",["object",{"cname":"string"}]],"description_kind":"plain","computed":true},"delegated":{"type":"string","description_kind":"plain","computed":true},"description":{"type":"string","description_kind":"plain","computed":true},"dns_vs_uuid":{"type":"string","description_kind":"plain","computed":true},"fqdn":{"type":"string","description_kind":"plain","computed":true},"id":{"type":"string","description_kind":"plain","optional":true,"computed":true},"ip6_address":{"type":["list",["object",{"ip6_address":["set",["object",{"addr":"string","type":"string"}]]}]],"description_kind":"plain","computed":true},"ip_address":{"type":["list",["object",{"ip_address":["set",["object",{"addr":"string","type":"string"}]]}]],"description_kind":"plain","computed":true},"metadata":{"type":"string","description_kind":"plain","computed":true},"mx_records":{"type":["list",["object",{"host":"string","priority":"string"}]],"description_kind":"plain","computed":true},"name":{"type":"string","description_kind":"plain","optional":true,"computed":true},"ns":{"type":["list",["object",{"ip6_address":["set",["object",{"addr":"string","type":"string"}]],"ip_address":["set",["object",{"addr":"string","type":"string"}]],"nsname":"string"}]],"description_kind":"plain","computed":true},"num_records_in_response":{"type":"string","description_kind":"plain","computed":true},"service_locators":{"type":["list",["object",{"port":"string","priority":"string","target":"string","weight":"string"}]],"description_kind":"plain","computed":true},"tenant_ref":{"type":"string","description_kind":"plain","optional":true,"computed":true},"ttl":{"type":"string","description_kind":"plain","computed":true},"txt_records":{"type":["list",["object",{"text_str":"string"}]],"description_kind":"plain","computed":true},"type":{"type":"string","description_kind":"plain","computed":true},"uuid":{"type":"string","description_kind":"plain","optional":true,"computed":true},"wildcard_match":{"type":"string","description_kind":"plain","computed":true}},"description_kind":"plain"}},"avi_errorpagebody":{"version":0,"block":{"attributes":{"configpb_attributes":{"type":["set",["object",{"version":"string"}]],"description_kind":"plain","computed":true},"error_page_body":{"type":"string","description_kind":"plain","computed":true},"format":{"type":"string","description_kind":"plain","computed":true},"id":{"type":"string","description_kind":"plain","optional":true,"computed":true},"markers":{"type":["list",["object",{"key":"string","values":["list","string"]}]],"description_kind":"plain","computed":true},"name":{"type":"string","description_kind":"plain","optional":true,"computed":true},"tenant_ref":{"type":"string","description_kind":"plain","optional":true,"computed":true},"uuid":{"type":"string","description_kind":"plain","optional":true,"computed":true}},"description_kind":"plain"}},"avi_errorpageprofile":{"version":0,"block":{"attributes":{"configpb_attributes":{"type":["set",["object",{"version":"string"}]],"description_kind":"plain","computed":true},"error_pages":{"type":["list",["object",{"enable":"string","error_page_body_ref":"string","error_redirect":"string","index":"string","match":["set",["object",{"match_criteria":"string","ranges":["list",["object",{"begin":"string","end":"string"}]],"status_codes":["list","number"]}]]}]],"description_kind":"plain","computed":true},"id":{"type":"string","description_kind":"plain","optional":true,"computed":true},"markers":{"type":["list",["object",{"key":"string","values":["list","string"]}]],"description_kind":"plain","computed":true},"name":{"type":"string","description_kind":"plain","optional":true,"computed":true},"tenant_ref":{"type":"string","description_kind":"plain","optional":true,"computed":true},"uuid":{"type":"string","description_kind":"plain","optional":true,"computed":true}},"description_kind":"plain"}},"avi_federationcheckpoint":{"version":0,"block":{"attributes":{"configpb_attributes":{"type":["set",["object",{"version":"string"}]],"description_kind":"plain","computed":true},"date":{"type":"string","description_kind":"plain","computed":true},"description":{"type":"string","description_kind":"plain","computed":true},"id":{"type":"string","description_kind":"plain","optional":true,"computed":true},"is_federated":{"type":"string","description_kind":"plain","computed":true},"name":{"type":"string","description_kind":"plain","optional":true,"computed":true},"tenant_ref":{"type":"string","description_kind":"plain","optional":true,"computed":true},"uuid":{"type":"string","description_kind":"plain","optional":true,"computed":true}},"description_kind":"plain"}},"avi_fileobject":{"version":0,"block":{"attributes":{"checksum":{"type":"string","description_kind":"plain","computed":true},"compressed":{"type":"string","description_kind":"plain","computed":true},"created":{"type":"string","description_kind":"plain","computed":true},"description":{"type":"string","description_kind":"plain","computed":true},"expires_at":{"type":"string","description_kind":"plain","computed":true},"id":{"type":"string","description_kind":"plain","optional":true,"computed":true},"is_federated":{"type":"string","description_kind":"plain","computed":true},"name":{"type":"string","description_kind":"plain","optional":true,"computed":true},"path":{"type":"string","description_kind":"plain","computed":true},"read_only":{"type":"string","description_kind":"plain","computed":true},"restrict_download":{"type":"string","description_kind":"plain","computed":true},"size":{"type":"string","description_kind":"plain","computed":true},"tenant_ref":{"type":"string","description_kind":"plain","optional":true,"computed":true},"type":{"type":"string","description_kind":"plain","computed":true},"uuid":{"type":"string","description_kind":"plain","optional":true,"computed":true},"version":{"type":"string","description_kind":"plain","computed":true}},"description_kind":"plain"}},"avi_fileservice":{"version":0,"block":{"attributes":{"id":{"type":"string","description_kind":"plain","optional":true,"computed":true},"local_file":{"type":"string","description_kind":"plain","required":true},"upload":{"type":"bool","description_kind":"plain","optional":true},"uri":{"type":"string","description_kind":"plain","required":true}},"description_kind":"plain"}},"avi_geodb":{"version":0,"block":{"attributes":{"description":{"type":"string","description_kind":"plain","computed":true},"files":{"type":["list",["object",{"enabled":"string","file_ref":"string","index":"string","name":"string","vendor":"string"}]],"description_kind":"plain","computed":true},"id":{"type":"string","description_kind":"plain","optional":true,"computed":true},"is_federated":{"type":"string","description_kind":"plain","computed":true},"mappings":{"type":["list",["object",{"description":"string","elements":["list",["object",{"attribute":"string","values":["list","string"]}]],"name":"string"}]],"description_kind":"plain","computed":true},"name":{"type":"string","description_kind":"plain","optional":true,"computed":true},"tenant_ref":{"type":"string","description_kind":"plain","optional":true,"computed":true},"uuid":{"type":"string","description_kind":"plain","optional":true,"computed":true}},"description_kind":"plain"}},"avi_gslb":{"version":0,"block":{"attributes":{"async_interval":{"type":"string","description_kind":"plain","computed":true},"clear_on_max_retries":{"type":"string","description_kind":"plain","computed":true},"client_ip_addr_group":{"type":["set",["object",{"addrs":["list",["object",{"addr":"string","type":"string"}]],"prefixes":["list",["object",{"ip_addr":["set",["object",{"addr":"string","type":"string"}]],"mask":"string"}]],"ranges":["list",["object",{"begin":["set",["object",{"addr":"string","type":"string"}]],"end":["set",["object",{"addr":"string","type":"string"}]]}]],"type":"string"}]],"description_kind":"plain","computed":true},"configpb_attributes":{"type":["set",["object",{"version":"string"}]],"description_kind":"plain","computed":true},"description":{"type":"string","description_kind":"plain","computed":true},"dns_configs":{"type":["list",["object",{"domain_name":"string"}]],"description_kind":"plain","computed":true},"enable_config_by_members":{"type":"string","description_kind":"plain","computed":true},"error_resync_interval":{"type":"string","description_kind":"plain","computed":true},"id":{"type":"string","description_kind":"plain","optional":true,"computed":true},"is_federated":{"type":"string","description_kind":"plain","computed":true},"leader_cluster_uuid":{"type":"string","description_kind":"plain","computed":true},"maintenance_mode":{"type":"string","description_kind":"plain","computed":true},"name":{"type":"string","description_kind":"plain","optional":true,"computed":true},"replication_policy":{"type":["set",["object",{"checkpoint_ref":"string","replication_mode":"string"}]],"description_kind":"plain","computed":true},"send_interval":{"type":"string","description_kind":"plain","computed":true},"send_interval_prior_to_maintenance_mode":{"type":"string","description_kind":"plain","computed":true},"sites":{"type":["list",["object",{"address":"string","cluster_uuid":"string","dns_vses":["list",["object",{"dns_vs_uuid":"string","domain_names":["list","string"]}]],"enabled":"string","hm_proxies":["list",["object",{"proxy_type":"string","site_uuid":"string"}]],"hm_shard_enabled":"string","ip_addresses":["list",["object",{"addr":"string","type":"string"}]],"location":["set",["object",{"location":["set",["object",{"latitude":"string","longitude":"string","name":"string","tag":"string"}]],"source":"string"}]],"member_type":"string","name":"string","password":"string","port":"string","ratio":"string","suspend_mode":"string","username":"string","uuid":"string"}]],"description_kind":"plain","computed":true},"tenant_ref":{"type":"string","description_kind":"plain","optional":true,"computed":true},"tenant_scoped":{"type":"string","description_kind":"plain","computed":true},"third_party_sites":{"type":["list",["object",{"enabled":"string","hm_proxies":["list",["object",{"proxy_type":"string","site_uuid":"string"}]],"location":["set",["object",{"location":["set",["object",{"latitude":"string","longitude":"string","name":"string","tag":"string"}]],"source":"string"}]],"name":"string","ratio":"string","uuid":"string"}]],"description_kind":"plain","computed":true},"uuid":{"type":"string","description_kind":"plain","optional":true,"computed":true},"view_id":{"type":"string","description_kind":"plain","computed":true}},"description_kind":"plain"}},"avi_gslbgeodbprofile":{"version":0,"block":{"attributes":{"configpb_attributes":{"type":["set",["object",{"version":"string"}]],"description_kind":"plain","computed":true},"description":{"type":"string","description_kind":"plain","computed":true},"entries":{"type":["list",["object",{"file":["set",["object",{"filename":"string","format":"string"}]],"priority":"string"}]],"description_kind":"plain","computed":true},"id":{"type":"string","description_kind":"plain","optional":true,"computed":true},"is_federated":{"type":"string","description_kind":"plain","computed":true},"markers":{"type":["list",["object",{"key":"string","values":["list","string"]}]],"description_kind":"plain","computed":true},"name":{"type":"string","description_kind":"plain","optional":true,"computed":true},"tenant_ref":{"type":"string","description_kind":"plain","optional":true,"computed":true},"uuid":{"type":"string","description_kind":"plain","optional":true,"computed":true}},"description_kind":"plain"}},"avi_gslbservice":{"version":0,"block":{"attributes":{"application_persistence_profile_ref":{"type":"string","description_kind":"plain","computed":true},"configpb_attributes":{"type":["set",["object",{"version":"string"}]],"description_kind":"plain","computed":true},"controller_health_status_enabled":{"type":"string","description_kind":"plain","computed":true},"created_by":{"type":"string","description_kind":"plain","computed":true},"description":{"type":"string","description_kind":"plain","computed":true},"domain_names":{"type":["list","string"],"description_kind":"plain","computed":true},"down_response":{"type":["set",["object",{"fallback_ip":["set",["object",{"addr":"string","type":"string"}]],"fallback_ip6":["set",["object",{"addr":"string","type":"string"}]],"type":"string"}]],"description_kind":"plain","computed":true},"enabled":{"type":"string","description_kind":"plain","computed":true},"groups":{"type":["list",["object",{"algorithm":"string","consistent_hash_mask":"string","consistent_hash_mask6":"string","description":"string","enabled":"string","fallback_algorithm":"string","members":["list",["object",{"cloud_uuid":"string","cluster_uuid":"string","description":"string","enabled":"string","fqdn":"string","hostname":"string","ip":["set",["object",{"addr":"string","type":"string"}]],"location":["set",["object",{"location":["set",["object",{"latitude":"string","longitude":"string","name":"string","tag":"string"}]],"source":"string"}]],"public_ip":["set",["object",{"ip":["set",["object",{"addr":"string","type":"string"}]]}]],"ratio":"string","resolve_fqdn_to_v6":"string","vs_uuid":"string"}]],"min_health_monitors_up":"string","name":"string","priority":"string"}]],"description_kind":"plain","computed":true},"health_monitor_refs":{"type":["list","string"],"description_kind":"plain","computed":true},"health_monitor_scope":{"type":"string","description_kind":"plain","computed":true},"hm_off":{"type":"string","description_kind":"plain","computed":true},"id":{"type":"string","description_kind":"plain","optional":true,"computed":true},"is_federated":{"type":"string","description_kind":"plain","computed":true},"markers":{"type":["list",["object",{"key":"string","values":["list","string"]}]],"description_kind":"plain","computed":true},"min_members":{"type":"string","description_kind":"plain","computed":true},"name":{"type":"string","description_kind":"plain","optional":true,"computed":true},"num_dns_ip":{"type":"string","description_kind":"plain","computed":true},"pool_algorithm":{"type":"string","description_kind":"plain","computed":true},"resolve_cname":{"type":"string","description_kind":"plain","computed":true},"site_persistence_enabled":{"type":"string","description_kind":"plain","computed":true},"tenant_ref":{"type":"string","description_kind":"plain","optional":true,"computed":true},"ttl":{"type":"string","description_kind":"plain","computed":true},"use_edns_client_subnet":{"type":"string","description_kind":"plain","computed":true},"uuid":{"type":"string","description_kind":"plain","optional":true,"computed":true},"wildcard_match":{"type":"string","description_kind":"plain","computed":true}},"description_kind":"plain"}},"avi_hardwaresecuritymodulegroup":{"version":0,"block":{"attributes":{"configpb_attributes":{"type":["set",["object",{"version":"string"}]],"description_kind":"plain","computed":true},"hsm":{"type":["set",["object",{"cloudhsm":["set",["object",{"cluster_cert":"string","crypto_user_name":"string","crypto_user_password":"string","hsm_ip":["list","string"]}]],"nethsm":["list",["object",{"esn":"string","keyhash":"string","module_id":"string","priority":"string","remote_ip":["set",["object",{"addr":"string","type":"string"}]],"remote_port":"string"}]],"rfs":["set",["object",{"ip":["set",["object",{"addr":"string","type":"string"}]],"port":"string"}]],"sluna":["set",["object",{"ha_group_num":"string","is_ha":"string","node_info":["list",["object",{"chrystoki_conf":"string","client_cert":"string","client_ip":"string","client_priv_key":"string","session_major_number":"string","session_minor_number":"string"}]],"server":["list",["object",{"index":"string","partition_passwd":"string","partition_serial_number":"string","remote_ip":"string","server_cert":"string"}]],"server_pem":"string","use_dedicated_network":"string"}]],"type":"string"}]],"description_kind":"plain","computed":true},"id":{"type":"string","description_kind":"plain","optional":true,"computed":true},"markers":{"type":["list",["object",{"key":"string","values":["list","string"]}]],"description_kind":"plain","computed":true},"name":{"type":"string","description_kind":"plain","optional":true,"computed":true},"tenant_ref":{"type":"string","description_kind":"plain","optional":true,"computed":true},"uuid":{"type":"string","description_kind":"plain","optional":true,"computed":true}},"description_kind":"plain"}},"avi_healthmonitor":{"version":0,"block":{"attributes":{"allow_duplicate_monitors":{"type":"string","description_kind":"plain","computed":true},"authentication":{"type":["set",["object",{"password":"string","username":"string"}]],"description_kind":"plain","computed":true},"configpb_attributes":{"type":["set",["object",{"version":"string"}]],"description_kind":"plain","computed":true},"description":{"type":"string","description_kind":"plain","computed":true},"disable_quickstart":{"type":"string","description_kind":"plain","computed":true},"dns_monitor":{"type":["set",["object",{"qtype":"string","query_name":"string","rcode":"string","record_type":"string","response_string":"string"}]],"description_kind":"plain","computed":true},"external_monitor":{"type":["set",["object",{"command_code":"string","command_parameters":"string","command_path":"string","command_variables":"string"}]],"description_kind":"plain","computed":true},"failed_checks":{"type":"string","description_kind":"plain","computed":true},"http_monitor":{"type":["set",["object",{"auth_type":"string","exact_http_request":"string","http_request":"string","http_request_body":"string","http_response":"string","http_response_code":["list","string"],"maintenance_code":["list","number"],"maintenance_response":"string","response_size":"string","ssl_attributes":["set",["object",{"pki_profile_ref":"string","server_name":"string","ssl_key_and_certificate_ref":"string","ssl_profile_ref":"string"}]]}]],"description_kind":"plain","computed":true},"https_monitor":{"type":["set",["object",{"auth_type":"string","exact_http_request":"string","http_request":"string","http_request_body":"string","http_response":"string","http_response_code":["list","string"],"maintenance_code":["list","number"],"maintenance_response":"string","response_size":"string","ssl_attributes":["set",["object",{"pki_profile_ref":"string","server_name":"string","ssl_key_and_certificate_ref":"string","ssl_profile_ref":"string"}]]}]],"description_kind":"plain","computed":true},"id":{"type":"string","description_kind":"plain","optional":true,"computed":true},"imap_monitor":{"type":["set",["object",{"folder":"string","ssl_attributes":["set",["object",{"pki_profile_ref":"string","server_name":"string","ssl_key_and_certificate_ref":"string","ssl_profile_ref":"string"}]]}]],"description_kind":"plain","computed":true},"imaps_monitor":{"type":["set",["object",{"folder":"string","ssl_attributes":["set",["object",{"pki_profile_ref":"string","server_name":"string","ssl_key_and_certificate_ref":"string","ssl_profile_ref":"string"}]]}]],"description_kind":"plain","computed":true},"is_federated":{"type":"string","description_kind":"plain","computed":true},"markers":{"type":["list",["object",{"key":"string","values":["list","string"]}]],"description_kind":"plain","computed":true},"monitor_port":{"type":"string","description_kind":"plain","computed":true},"name":{"type":"string","description_kind":"plain","optional":true,"computed":true},"pop3_monitor":{"type":["set",["object",{"ssl_attributes":["set",["object",{"pki_profile_ref":"string","server_name":"string","ssl_key_and_certificate_ref":"string","ssl_profile_ref":"string"}]]}]],"description_kind":"plain","computed":true},"pop3s_monitor":{"type":["set",["object",{"ssl_attributes":["set",["object",{"pki_profile_ref":"string","server_name":"string","ssl_key_and_certificate_ref":"string","ssl_profile_ref":"string"}]]}]],"description_kind":"plain","computed":true},"radius_monitor":{"type":["set",["object",{"password":"string","shared_secret":"string","username":"string"}]],"description_kind":"plain","computed":true},"receive_timeout":{"type":"string","description_kind":"plain","computed":true},"send_interval":{"type":"string","description_kind":"plain","computed":true},"sip_monitor":{"type":["set",["object",{"sip_monitor_transport":"string","sip_request_code":"string","sip_response":"string"}]],"description_kind":"plain","computed":true},"smtp_monitor":{"type":["set",["object",{"domainname":"string","mail_data":"string","recipients_ids":["list","string"],"sender_id":"string","ssl_attributes":["set",["object",{"pki_profile_ref":"string","server_name":"string","ssl_key_and_certificate_ref":"string","ssl_profile_ref":"string"}]]}]],"description_kind":"plain","computed":true},"smtps_monitor":{"type":["set",["object",{"domainname":"string","mail_data":"string","recipients_ids":["list","string"],"sender_id":"string","ssl_attributes":["set",["object",{"pki_profile_ref":"string","server_name":"string","ssl_key_and_certificate_ref":"string","ssl_profile_ref":"string"}]]}]],"description_kind":"plain","computed":true},"successful_checks":{"type":"string","description_kind":"plain","computed":true},"tcp_monitor":{"type":["set",["object",{"maintenance_response":"string","tcp_half_open":"string","tcp_request":"string","tcp_response":"string"}]],"description_kind":"plain","computed":true},"tenant_ref":{"type":"string","description_kind":"plain","optional":true,"computed":true},"type":{"type":"string","description_kind":"plain","computed":true},"udp_monitor":{"type":["set",["object",{"maintenance_response":"string","udp_request":"string","udp_response":"string"}]],"description_kind":"plain","computed":true},"uuid":{"type":"string","description_kind":"plain","optional":true,"computed":true}},"description_kind":"plain"}},"avi_httppolicyset":{"version":0,"block":{"attributes":{"cloud_config_cksum":{"type":"string","description_kind":"plain","computed":true},"configpb_attributes":{"type":["set",["object",{"version":"string"}]],"description_kind":"plain","computed":true},"created_by":{"type":"string","description_kind":"plain","computed":true},"description":{"type":"string","description_kind":"plain","computed":true},"geo_db_ref":{"type":"string","description_kind":"plain","computed":true},"http_request_policy":{"type":["set",["object",{"rules":["list",["object",{"all_headers":"string","enable":"string","hdr_action":["list",["object",{"action":"string","cookie":["set",["object",{"name":"string","value":"string"}]],"hdr":["set",["object",{"name":"string","value":["set",["object",{"val":"string","var":"string"}]]}]]}]],"index":"string","log":"string","match":["set",["object",{"bot_detection_result":["set",["object",{"classifications":["list",["object",{"type":"string","user_defined_type":"string"}]],"match_operation":"string"}]],"client_ip":["set",["object",{"addrs":["list",["object",{"addr":"string","type":"string"}]],"group_refs":["list","string"],"match_criteria":"string","prefixes":["list",["object",{"ip_addr":["set",["object",{"addr":"string","type":"string"}]],"mask":"string"}]],"ranges":["list",["object",{"begin":["set",["object",{"addr":"string","type":"string"}]],"end":["set",["object",{"addr":"string","type":"string"}]]}]]}]],"cookie":["set",["object",{"match_case":"string","match_criteria":"string","name":"string","value":"string"}]],"geo_matches":["list",["object",{"attribute":"string","match_operation":"string","values":["list","string"]}]],"hdrs":["list",["object",{"hdr":"string","match_case":"string","match_criteria":"string","value":["list","string"]}]],"host_hdr":["set",["object",{"match_case":"string","match_criteria":"string","value":["list","string"]}]],"ip_reputation_type":["set",["object",{"match_operation":"string","reputation_types":["list","string"]}]],"method":["set",["object",{"match_criteria":"string","methods":["list","string"]}]],"path":["set",["object",{"match_case":"string","match_criteria":"string","match_str":["list","string"],"string_group_refs":["list","string"]}]],"protocol":["set",["object",{"match_criteria":"string","protocols":"string"}]],"query":["set",["object",{"match_case":"string","match_criteria":"string","match_str":["list","string"],"string_group_refs":["list","string"]}]],"version":["set",["object",{"match_criteria":"string","versions":["list","string"]}]],"vs_port":["set",["object",{"match_criteria":"string","ports":["list","number"]}]]}]],"name":"string","redirect_action":["set",["object",{"add_string":"string","host":["set",["object",{"tokens":["list",["object",{"end_index":"string","start_index":"string","str_value":"string","type":"string"}]],"type":"string"}]],"keep_query":"string","path":["set",["object",{"tokens":["list",["object",{"end_index":"string","start_index":"string","str_value":"string","type":"string"}]],"type":"string"}]],"port":"string","protocol":"string","status_code":"string"}]],"rewrite_url_action":["set",["object",{"host_hdr":["set",["object",{"tokens":["list",["object",{"end_index":"string","start_index":"string","str_value":"string","type":"string"}]],"type":"string"}]],"path":["set",["object",{"tokens":["list",["object",{"end_index":"string","start_index":"string","str_value":"string","type":"string"}]],"type":"string"}]],"query":["set",["object",{"add_string":"string","keep_query":"string"}]]}]],"switching_action":["set",["object",{"action":"string","file":["set",["object",{"content_type":"string","file_content":"string","file_length":"string"}]],"pool_group_ref":"string","pool_ref":"string","server":["set",["object",{"hostname":"string","ip":["set",["object",{"addr":"string","type":"string"}]],"port":"string"}]],"status_code":"string"}]]}]]}]],"description_kind":"plain","computed":true},"http_response_policy":{"type":["set",["object",{"rules":["list",["object",{"all_headers":"string","enable":"string","hdr_action":["list",["object",{"action":"string","cookie":["set",["object",{"name":"string","value":"string"}]],"hdr":["set",["object",{"name":"string","value":["set",["object",{"val":"string","var":"string"}]]}]]}]],"index":"string","loc_hdr_action":["set",["object",{"host":["set",["object",{"tokens":["list",["object",{"end_index":"string","start_index":"string","str_value":"string","type":"string"}]],"type":"string"}]],"keep_query":"string","path":["set",["object",{"tokens":["list",["object",{"end_index":"string","start_index":"string","str_value":"string","type":"string"}]],"type":"string"}]],"port":"string","protocol":"string"}]],"log":"string","match":["set",["object",{"client_ip":["set",["object",{"addrs":["list",["object",{"addr":"string","type":"string"}]],"group_refs":["list","string"],"match_criteria":"string","prefixes":["list",["object",{"ip_addr":["set",["object",{"addr":"string","type":"string"}]],"mask":"string"}]],"ranges":["list",["object",{"begin":["set",["object",{"addr":"string","type":"string"}]],"end":["set",["object",{"addr":"string","type":"string"}]]}]]}]],"cookie":["set",["object",{"match_case":"string","match_criteria":"string","name":"string","value":"string"}]],"hdrs":["list",["object",{"hdr":"string","match_case":"string","match_criteria":"string","value":["list","string"]}]],"host_hdr":["set",["object",{"match_case":"string","match_criteria":"string","value":["list","string"]}]],"loc_hdr":["set",["object",{"match_case":"string","match_criteria":"string","value":["list","string"]}]],"method":["set",["object",{"match_criteria":"string","methods":["list","string"]}]],"path":["set",["object",{"match_case":"string","match_criteria":"string","match_str":["list","string"],"string_group_refs":["list","string"]}]],"protocol":["set",["object",{"match_criteria":"string","protocols":"string"}]],"query":["set",["object",{"match_case":"string","match_criteria":"string","match_str":["list","string"],"string_group_refs":["list","string"]}]],"rsp_hdrs":["list",["object",{"hdr":"string","match_case":"string","match_criteria":"string","value":["list","string"]}]],"status":["set",["object",{"match_criteria":"string","ranges":["list",["object",{"begin":"string","end":"string"}]],"status_codes":["list","number"]}]],"version":["set",["object",{"match_criteria":"string","versions":["list","string"]}]],"vs_port":["set",["object",{"match_criteria":"string","ports":["list","number"]}]]}]],"name":"string"}]]}]],"description_kind":"plain","computed":true},"http_security_policy":{"type":["set",["object",{"rules":["list",["object",{"action":["set",["object",{"action":"string","file":["set",["object",{"content_type":"string","file_content":"string","file_length":"string"}]],"https_port":"string","rate_profile":["set",["object",{"action":["set",["object",{"file":["set",["object",{"content_type":"string","file_content":"string","file_length":"string"}]],"redirect":["set",["object",{"add_string":"string","host":["set",["object",{"tokens":["list",["object",{"end_index":"string","start_index":"string","str_value":"string","type":"string"}]],"type":"string"}]],"keep_query":"string","path":["set",["object",{"tokens":["list",["object",{"end_index":"string","start_index":"string","str_value":"string","type":"string"}]],"type":"string"}]],"port":"string","protocol":"string","status_code":"string"}]],"status_code":"string","type":"string"}]],"per_client_ip":"string","per_uri_path":"string","rate_limiter":["set",["object",{"burst_sz":"string","count":"string","name":"string","period":"string"}]]}]],"status_code":"string"}]],"enable":"string","index":"string","log":"string","match":["set",["object",{"bot_detection_result":["set",["object",{"classifications":["list",["object",{"type":"string","user_defined_type":"string"}]],"match_operation":"string"}]],"client_ip":["set",["object",{"addrs":["list",["object",{"addr":"string","type":"string"}]],"group_refs":["list","string"],"match_criteria":"string","prefixes":["list",["object",{"ip_addr":["set",["object",{"addr":"string","type":"string"}]],"mask":"string"}]],"ranges":["list",["object",{"begin":["set",["object",{"addr":"string","type":"string"}]],"end":["set",["object",{"addr":"string","type":"string"}]]}]]}]],"cookie":["set",["object",{"match_case":"string","match_criteria":"string","name":"string","value":"string"}]],"geo_matches":["list",["object",{"attribute":"string","match_operation":"string","values":["list","string"]}]],"hdrs":["list",["object",{"hdr":"string","match_case":"string","match_criteria":"string","value":["list","string"]}]],"host_hdr":["set",["object",{"match_case":"string","match_criteria":"string","value":["list","string"]}]],"ip_reputation_type":["set",["object",{"match_operation":"string","reputation_types":["list","string"]}]],"method":["set",["object",{"match_criteria":"string","methods":["list","string"]}]],"path":["set",["object",{"match_case":"string","match_criteria":"string","match_str":["list","string"],"string_group_refs":["list","string"]}]],"protocol":["set",["object",{"match_criteria":"string","protocols":"string"}]],"query":["set",["object",{"match_case":"string","match_criteria":"string","match_str":["list","string"],"string_group_refs":["list","string"]}]],"version":["set",["object",{"match_criteria":"string","versions":["list","string"]}]],"vs_port":["set",["object",{"match_criteria":"string","ports":["list","number"]}]]}]],"name":"string"}]]}]],"description_kind":"plain","computed":true},"id":{"type":"string","description_kind":"plain","optional":true,"computed":true},"ip_reputation_db_ref":{"type":"string","description_kind":"plain","computed":true},"is_internal_policy":{"type":"string","description_kind":"plain","computed":true},"markers":{"type":["list",["object",{"key":"string","values":["list","string"]}]],"description_kind":"plain","computed":true},"name":{"type":"string","description_kind":"plain","optional":true,"computed":true},"tenant_ref":{"type":"string","description_kind":"plain","optional":true,"computed":true},"uuid":{"type":"string","description_kind":"plain","optional":true,"computed":true}},"description_kind":"plain"}},"avi_icapprofile":{"version":0,"block":{"attributes":{"allow_204":{"type":"string","description_kind":"plain","computed":true},"buffer_size":{"type":"string","description_kind":"plain","computed":true},"buffer_size_exceed_action":{"type":"string","description_kind":"plain","computed":true},"cloud_ref":{"type":"string","description_kind":"plain","optional":true,"computed":true},"configpb_attributes":{"type":["set",["object",{"version":"string"}]],"description_kind":"plain","computed":true},"description":{"type":"string","description_kind":"plain","computed":true},"enable_preview":{"type":"string","description_kind":"plain","computed":true},"fail_action":{"type":"string","description_kind":"plain","computed":true},"id":{"type":"string","description_kind":"plain","optional":true,"computed":true},"name":{"type":"string","description_kind":"plain","optional":true,"computed":true},"nsx_defender_config":{"type":["set",["object",{"status_url":"string"}]],"description_kind":"plain","computed":true},"pool_group_ref":{"type":"string","description_kind":"plain","computed":true},"preview_size":{"type":"string","description_kind":"plain","computed":true},"response_timeout":{"type":"string","description_kind":"plain","computed":true},"service_uri":{"type":"string","description_kind":"plain","computed":true},"slow_response_warning_threshold":{"type":"string","description_kind":"plain","computed":true},"tenant_ref":{"type":"string","description_kind":"plain","optional":true,"computed":true},"uuid":{"type":"string","description_kind":"plain","optional":true,"computed":true},"vendor":{"type":"string","description_kind":"plain","computed":true}},"description_kind":"plain"}},"avi_image":{"version":0,"block":{"attributes":{"cloud_info_values":{"type":["list",["object",{"cloud_data_values":["list",["object",{"key":"string","values":["list","string"]}]],"cloud_name":"string"}]],"description_kind":"plain","computed":true},"controller_info":{"type":["set",["object",{"build":["set",["object",{"build_no":"string","date":"string","min_version":"string","patch_version":"string","product":"string","product_name":"string","tag":"string","version":"string"}]],"hash":"string","patch":["set",["object",{"patch_type":"string","reboot":"string","reboot_list":["list",["object",{"patch_version":"string","reboot":"string"}]]}]],"path":"string"}]],"description_kind":"plain","computed":true},"controller_patch_name":{"type":"string","description_kind":"plain","computed":true},"controller_patch_uuid":{"type":"string","description_kind":"plain","computed":true},"id":{"type":"string","description_kind":"plain","optional":true,"computed":true},"migrations":{"type":["set",["object",{"api_version":"string","controller_host_min_free_disk_size":"string","controller_min_cores":"string","controller_min_docker_version":"string","controller_min_free_disk_size":"string","controller_min_memory":"string","controller_min_total_disk":"string","max_active_versions":"string","min_supported_api_version":"string","rollback_controller_disk_space":"string","rollback_se_disk_space":"string","se_host_min_free_disk_size":"string","se_min_cores":"string","se_min_free_disk_size":"string","se_min_memory":"string","se_min_total_disk":"string","versions":["list","string"]}]],"description_kind":"plain","computed":true},"name":{"type":"string","description_kind":"plain","optional":true,"computed":true},"se_info":{"type":["set",["object",{"build":["set",["object",{"build_no":"string","date":"string","min_version":"string","patch_version":"string","product":"string","product_name":"string","tag":"string","version":"string"}]],"hash":"string","patch":["set",["object",{"patch_type":"string","reboot":"string","reboot_list":["list",["object",{"patch_version":"string","reboot":"string"}]]}]],"path":"string"}]],"description_kind":"plain","computed":true},"se_patch_name":{"type":"string","description_kind":"plain","computed":true},"se_patch_uuid":{"type":"string","description_kind":"plain","computed":true},"status":{"type":"string","description_kind":"plain","computed":true},"tenant_ref":{"type":"string","description_kind":"plain","optional":true,"computed":true},"type":{"type":"string","description_kind":"plain","computed":true},"uber_bundle":{"type":"string","description_kind":"plain","computed":true},"uuid":{"type":"string","description_kind":"plain","optional":true,"computed":true}},"description_kind":"plain"}},"avi_inventoryfaultconfig":{"version":0,"block":{"attributes":{"configpb_attributes":{"type":["set",["object",{"version":"string"}]],"description_kind":"plain","computed":true},"controller_faults":{"type":["set",["object",{"backup_scheduler_faults":"string","cluster_faults":"string","deprecated_api_version_faults":"string","license_faults":"string","migration_faults":"string","sslprofile_faults":"string"}]],"description_kind":"plain","computed":true},"id":{"type":"string","description_kind":"plain","optional":true,"computed":true},"name":{"type":"string","description_kind":"plain","optional":true,"computed":true},"serviceengine_faults":{"type":["set",["object",{"debug_faults":"string"}]],"description_kind":"plain","computed":true},"tenant_ref":{"type":"string","description_kind":"plain","optional":true,"computed":true},"uuid":{"type":"string","description_kind":"plain","optional":true,"computed":true},"virtualservice_faults":{"type":["set",["object",{"debug_faults":"string","pool_server_faults":"string","scaleout_faults":"string","shared_vip_faults":"string","ssl_cert_expiry_faults":"string","ssl_cert_status_faults":"string"}]],"description_kind":"plain","computed":true}},"description_kind":"plain"}},"avi_ipaddrgroup":{"version":0,"block":{"attributes":{"addrs":{"type":["list",["object",{"addr":"string","type":"string"}]],"description_kind":"plain","computed":true},"configpb_attributes":{"type":["set",["object",{"version":"string"}]],"description_kind":"plain","computed":true},"country_codes":{"type":["list","string"],"description_kind":"plain","computed":true},"description":{"type":"string","description_kind":"plain","computed":true},"id":{"type":"string","description_kind":"plain","optional":true,"computed":true},"ip_ports":{"type":["list",["object",{"hostname":"string","ip":["set",["object",{"addr":"string","type":"string"}]],"name":"string","port":"string"}]],"description_kind":"plain","computed":true},"marathon_app_name":{"type":"string","description_kind":"plain","computed":true},"marathon_service_port":{"type":"string","description_kind":"plain","computed":true},"markers":{"type":["list",["object",{"key":"string","values":["list","string"]}]],"description_kind":"plain","computed":true},"name":{"type":"string","description_kind":"plain","optional":true,"computed":true},"prefixes":{"type":["list",["object",{"ip_addr":["set",["object",{"addr":"string","type":"string"}]],"mask":"string"}]],"description_kind":"plain","computed":true},"ranges":{"type":["list",["object",{"begin":["set",["object",{"addr":"string","type":"string"}]],"end":["set",["object",{"addr":"string","type":"string"}]]}]],"description_kind":"plain","computed":true},"tenant_ref":{"type":"string","description_kind":"plain","optional":true,"computed":true},"uuid":{"type":"string","description_kind":"plain","optional":true,"computed":true}},"description_kind":"plain"}},"avi_ipamdnsproviderprofile":{"version":0,"block":{"attributes":{"allocate_ip_in_vrf":{"type":"string","description_kind":"plain","computed":true},"aws_profile":{"type":["set",["object",{"access_key_id":"string","egress_service_subnets":["list","string"],"iam_assume_role":"string","publish_vip_to_public_zone":"string","region":"string","secret_access_key":"string","ttl":"string","usable_domains":["list","string"],"usable_network_uuids":["list","string"],"use_iam_roles":"string","vpc":"string","vpc_id":"string","zones":["list",["object",{"availability_zone":"string","usable_network_uuids":["list","string"]}]]}]],"description_kind":"plain","computed":true},"azure_profile":{"type":["set",["object",{"azure_serviceprincipal":["set",["object",{"application_id":"string","authentication_token":"string","tenant_id":"string"}]],"azure_userpass":["set",["object",{"password":"string","tenant_name":"string","username":"string"}]],"egress_service_subnets":["list","string"],"resource_group":"string","subscription_id":"string","usable_domains":["list","string"],"usable_network_uuids":["list","string"],"use_enhanced_ha":"string","use_standard_alb":"string","virtual_network_ids":["list","string"]}]],"description_kind":"plain","computed":true},"configpb_attributes":{"type":["set",["object",{"version":"string"}]],"description_kind":"plain","computed":true},"custom_profile":{"type":["set",["object",{"custom_ipam_dns_profile_ref":"string","dynamic_params":["list",["object",{"is_dynamic":"string","is_sensitive":"string","name":"string","value":"string"}]],"usable_alloc_subnets":["list",["object",{"network_id":"string","subnet":["set",["object",{"ip_addr":["set",["object",{"addr":"string","type":"string"}]],"mask":"string"}]],"subnet6":["set",["object",{"ip_addr":["set",["object",{"addr":"string","type":"string"}]],"mask":"string"}]]}]],"usable_domains":["list","string"]}]],"description_kind":"plain","computed":true},"gcp_profile":{"type":["set",["object",{"match_se_group_subnet":"string","network_host_project_id":"string","region_name":"string","se_project_id":"string","usable_network_refs":["list","string"],"use_gcp_network":"string","vpc_network_name":"string"}]],"description_kind":"plain","computed":true},"id":{"type":"string","description_kind":"plain","optional":true,"computed":true},"infoblox_profile":{"type":["set",["object",{"dns_view":"string","extensible_attributes":["list",["object",{"is_dynamic":"string","is_sensitive":"string","name":"string","value":"string"}]],"ip_address":["set",["object",{"addr":"string","type":"string"}]],"network_view":"string","password":"string","usable_alloc_subnets":["list",["object",{"subnet":["set",["object",{"ip_addr":["set",["object",{"addr":"string","type":"string"}]],"mask":"string"}]],"subnet6":["set",["object",{"ip_addr":["set",["object",{"addr":"string","type":"string"}]],"mask":"string"}]]}]],"usable_domains":["list","string"],"username":"string","wapi_version":"string"}]],"description_kind":"plain","computed":true},"internal_profile":{"type":["set",["object",{"dns_service_domain":["list",["object",{"domain_name":"string","pass_through":"string","record_ttl":"string"}]],"dns_virtualservice_ref":"string","ttl":"string","usable_networks":["list",["object",{"labels":["list",["object",{"key":"string","value":"string"}]],"nw_ref":"string"}]]}]],"description_kind":"plain","computed":true},"markers":{"type":["list",["object",{"key":"string","values":["list","string"]}]],"description_kind":"plain","computed":true},"name":{"type":"string","description_kind":"plain","optional":true,"computed":true},"oci_profile":{"type":["set",["object",{"cloud_credentials_ref":"string","region":"string","tenancy":"string","vcn_compartment_id":"string","vcn_id":"string"}]],"description_kind":"plain","computed":true},"openstack_profile":{"type":["set",["object",{"keystone_host":"string","password":"string","region":"string","tenant":"string","username":"string","vip_network_name":"string"}]],"description_kind":"plain","computed":true},"proxy_configuration":{"type":["set",["object",{"host":"string","password":"string","port":"string","username":"string"}]],"description_kind":"plain","computed":true},"tenant_ref":{"type":"string","description_kind":"plain","optional":true,"computed":true},"tencent_profile":{"type":["set",["object",{"cloud_credentials_ref":"string","region":"string","usable_subnet_ids":["list","string"],"vpc_id":"string","zones":["list",["object",{"availability_zone":"string","usable_subnet_id":"string"}]]}]],"description_kind":"plain","computed":true},"type":{"type":"string","description_kind":"plain","computed":true},"uuid":{"type":"string","description_kind":"plain","optional":true,"computed":true}},"description_kind":"plain"}},"avi_ipreputationdb":{"version":0,"block":{"attributes":{"base_file_refs":{"type":["list","string"],"description_kind":"plain","computed":true},"configpb_attributes":{"type":["set",["object",{"version":"string"}]],"description_kind":"plain","computed":true},"description":{"type":"string","description_kind":"plain","computed":true},"id":{"type":"string","description_kind":"plain","optional":true,"computed":true},"incremental_file_refs":{"type":["list","string"],"description_kind":"plain","computed":true},"markers":{"type":["list",["object",{"key":"string","values":["list","string"]}]],"description_kind":"plain","computed":true},"name":{"type":"string","description_kind":"plain","optional":true,"computed":true},"service_status":{"type":["set",["object",{"error":"string","last_successful_update_check":["set",["object",{"secs":"string","usecs":"string"}]]}]],"description_kind":"plain","computed":true},"tenant_ref":{"type":"string","description_kind":"plain","optional":true,"computed":true},"uuid":{"type":"string","description_kind":"plain","optional":true,"computed":true},"vendor":{"type":"string","description_kind":"plain","computed":true},"version":{"type":"string","description_kind":"plain","computed":true}},"description_kind":"plain"}},"avi_jwtserverprofile":{"version":0,"block":{"attributes":{"configpb_attributes":{"type":["set",["object",{"version":"string"}]],"description_kind":"plain","computed":true},"controller_internal_auth":{"type":["set",["object",{"symmetric_jwks_keys":["list",["object",{"alg":"string","key":"string","kid":"string","kty":"string"}]]}]],"description_kind":"plain","computed":true},"id":{"type":"string","description_kind":"plain","optional":true,"computed":true},"is_federated":{"type":"string","description_kind":"plain","computed":true},"issuer":{"type":"string","description_kind":"plain","computed":true},"jwks_keys":{"type":"string","description_kind":"plain","computed":true},"jwt_profile_type":{"type":"string","description_kind":"plain","computed":true},"name":{"type":"string","description_kind":"plain","optional":true,"computed":true},"tenant_ref":{"type":"string","description_kind":"plain","optional":true,"computed":true},"uuid":{"type":"string","description_kind":"plain","optional":true,"computed":true}},"description_kind":"plain"}},"avi_l4policyset":{"version":0,"block":{"attributes":{"configpb_attributes":{"type":["set",["object",{"version":"string"}]],"description_kind":"plain","computed":true},"created_by":{"type":"string","description_kind":"plain","computed":true},"description":{"type":"string","description_kind":"plain","computed":true},"id":{"type":"string","description_kind":"plain","optional":true,"computed":true},"is_internal_policy":{"type":"string","description_kind":"plain","computed":true},"l4_connection_policy":{"type":["set",["object",{"rules":["list",["object",{"action":["set",["object",{"select_pool":["set",["object",{"action_type":"string","pool_group_ref":"string","pool_ref":"string"}]]}]],"enable":"string","index":"string","match":["set",["object",{"client_ip":["set",["object",{"addrs":["list",["object",{"addr":"string","type":"string"}]],"group_refs":["list","string"],"match_criteria":"string","prefixes":["list",["object",{"ip_addr":["set",["object",{"addr":"string","type":"string"}]],"mask":"string"}]],"ranges":["list",["object",{"begin":["set",["object",{"addr":"string","type":"string"}]],"end":["set",["object",{"addr":"string","type":"string"}]]}]]}]],"port":["set",["object",{"match_criteria":"string","port_ranges":["list",["object",{"end":"string","start":"string"}]],"ports":["list","number"]}]],"protocol":["set",["object",{"match_criteria":"string","protocol":"string"}]]}]],"name":"string"}]]}]],"description_kind":"plain","computed":true},"markers":{"type":["list",["object",{"key":"string","values":["list","string"]}]],"description_kind":"plain","computed":true},"name":{"type":"string","description_kind":"plain","optional":true,"computed":true},"tenant_ref":{"type":"string","description_kind":"plain","optional":true,"computed":true},"uuid":{"type":"string","description_kind":"plain","optional":true,"computed":true}},"description_kind":"plain"}},"avi_labelgroup":{"version":0,"block":{"attributes":{"configpb_attributes":{"type":["set",["object",{"version":"string"}]],"description_kind":"plain","computed":true},"id":{"type":"string","description_kind":"plain","optional":true,"computed":true},"labels":{"type":["list",["object",{"match_label":["set",["object",{"key":"string","values":["list","string"]}]],"match_operation":"string"}]],"description_kind":"plain","computed":true},"name":{"type":"string","description_kind":"plain","optional":true,"computed":true},"uuid":{"type":"string","description_kind":"plain","optional":true,"computed":true}},"description_kind":"plain"}},"avi_licenseledgerdetails":{"version":0,"block":{"attributes":{"escrow_infos":{"type":["list",["object",{"last_updated":"string","service_cores":"string","tenant_uuid":"string","tier":"string","uuid":"string"}]],"description_kind":"plain","computed":true},"id":{"type":"string","description_kind":"plain","optional":true,"computed":true},"se_infos":{"type":["list",["object",{"last_updated":"string","service_cores":"string","tenant_uuid":"string","tier":"string","uuid":"string"}]],"description_kind":"plain","computed":true},"tier_usages":{"type":["list",["object",{"tier":"string","usage":["set",["object",{"available":"string","consumed":"string","escrow":"string","remaining":"string"}]]}]],"description_kind":"plain","computed":true},"uuid":{"type":"string","description_kind":"plain","optional":true,"computed":true}},"description_kind":"plain"}},"avi_memorybalancerrequest":{"version":0,"block":{"attributes":{"configpb_attributes":{"type":["set",["object",{"version":"string"}]],"description_kind":"plain","computed":true},"controller_info":{"type":["set",["object",{"current_controller_mem_usage":"string"}]],"description_kind":"plain","computed":true},"id":{"type":"string","description_kind":"plain","optional":true,"computed":true},"name":{"type":"string","description_kind":"plain","optional":true,"computed":true},"node_uuid":{"type":"string","description_kind":"plain","computed":true},"process_info":{"type":["set",["object",{"current_process_id":"string","current_process_mem_usage":"string","intimation_count":"string","memory_limit":"string","memory_trend_usage":"string","process_mode":"string","threshold_percent":"string"}]],"description_kind":"plain","computed":true},"process_instance":{"type":"string","description_kind":"plain","computed":true},"tenant_ref":{"type":"string","description_kind":"plain","optional":true,"computed":true},"timestamp":{"type":"string","description_kind":"plain","computed":true},"uuid":{"type":"string","description_kind":"plain","optional":true,"computed":true}},"description_kind":"plain"}},"avi_microservicegroup":{"version":0,"block":{"attributes":{"configpb_attributes":{"type":["set",["object",{"version":"string"}]],"description_kind":"plain","computed":true},"created_by":{"type":"string","description_kind":"plain","computed":true},"description":{"type":"string","description_kind":"plain","computed":true},"id":{"type":"string","description_kind":"plain","optional":true,"computed":true},"name":{"type":"string","description_kind":"plain","optional":true,"computed":true},"service_refs":{"type":["list","string"],"description_kind":"plain","computed":true},"tenant_ref":{"type":"string","description_kind":"plain","optional":true,"computed":true},"uuid":{"type":"string","description_kind":"plain","optional":true,"computed":true}},"description_kind":"plain"}},"avi_natpolicy":{"version":0,"block":{"attributes":{"configpb_attributes":{"type":["set",["object",{"version":"string"}]],"description_kind":"plain","computed":true},"created_by":{"type":"string","description_kind":"plain","computed":true},"description":{"type":"string","description_kind":"plain","computed":true},"id":{"type":"string","description_kind":"plain","optional":true,"computed":true},"markers":{"type":["list",["object",{"key":"string","values":["list","string"]}]],"description_kind":"plain","computed":true},"name":{"type":"string","description_kind":"plain","optional":true,"computed":true},"rules":{"type":["list",["object",{"action":["set",["object",{"nat_info":["list",["object",{"nat_ip":["set",["object",{"addr":"string","type":"string"}]],"nat_ip_range":["set",["object",{"begin":["set",["object",{"addr":"string","type":"string"}]],"end":["set",["object",{"addr":"string","type":"string"}]]}]]}]],"type":"string"}]],"created_by":"string","enable":"string","index":"string","match":["set",["object",{"destination_ip":["set",["object",{"addrs":["list",["object",{"addr":"string","type":"string"}]],"group_refs":["list","string"],"match_criteria":"string","prefixes":["list",["object",{"ip_addr":["set",["object",{"addr":"string","type":"string"}]],"mask":"string"}]],"ranges":["list",["object",{"begin":["set",["object",{"addr":"string","type":"string"}]],"end":["set",["object",{"addr":"string","type":"string"}]]}]]}]],"services":["set",["object",{"destination_port":["set",["object",{"match_criteria":"string","ports":["list","number"]}]],"protocol":["set",["object",{"match_criteria":"string","protocol":"string"}]],"source_port":["set",["object",{"match_criteria":"string","ports":["list","number"]}]]}]],"source_ip":["set",["object",{"addrs":["list",["object",{"addr":"string","type":"string"}]],"group_refs":["list","string"],"match_criteria":"string","prefixes":["list",["object",{"ip_addr":["set",["object",{"addr":"string","type":"string"}]],"mask":"string"}]],"ranges":["list",["object",{"begin":["set",["object",{"addr":"string","type":"string"}]],"end":["set",["object",{"addr":"string","type":"string"}]]}]]}]]}]],"name":"string"}]],"description_kind":"plain","computed":true},"tenant_ref":{"type":"string","description_kind":"plain","optional":true,"computed":true},"uuid":{"type":"string","description_kind":"plain","optional":true,"computed":true}},"description_kind":"plain"}},"avi_network":{"version":0,"block":{"attributes":{"attrs":{"type":["list",["object",{"key":"string","value":"string"}]],"description_kind":"plain","computed":true},"cloud_ref":{"type":"string","description_kind":"plain","optional":true,"computed":true},"configpb_attributes":{"type":["set",["object",{"version":"string"}]],"description_kind":"plain","computed":true},"configured_subnets":{"type":["list",["object",{"prefix":["set",["object",{"ip_addr":["set",["object",{"addr":"string","type":"string"}]],"mask":"string"}]],"static_ip_ranges":["list",["object",{"range":["set",["object",{"begin":["set",["object",{"addr":"string","type":"string"}]],"end":["set",["object",{"addr":"string","type":"string"}]]}]],"type":"string"}]]}]],"description_kind":"plain","computed":true},"dhcp_enabled":{"type":"string","description_kind":"plain","computed":true},"exclude_discovered_subnets":{"type":"string","description_kind":"plain","computed":true},"id":{"type":"string","description_kind":"plain","optional":true,"computed":true},"ip6_autocfg_enabled":{"type":"string","description_kind":"plain","computed":true},"markers":{"type":["list",["object",{"key":"string","values":["list","string"]}]],"description_kind":"plain","computed":true},"name":{"type":"string","description_kind":"plain","optional":true,"computed":true},"synced_from_se":{"type":"string","description_kind":"plain","computed":true},"tenant_ref":{"type":"string","description_kind":"plain","optional":true,"computed":true},"uuid":{"type":"string","description_kind":"plain","optional":true,"computed":true},"vcenter_dvs":{"type":"string","description_kind":"plain","computed":true},"vrf_context_ref":{"type":"string","description_kind":"plain","computed":true}},"description_kind":"plain"}},"avi_networkprofile":{"version":0,"block":{"attributes":{"configpb_attributes":{"type":["set",["object",{"version":"string"}]],"description_kind":"plain","computed":true},"connection_mirror":{"type":"string","description_kind":"plain","computed":true},"description":{"type":"string","description_kind":"plain","computed":true},"id":{"type":"string","description_kind":"plain","optional":true,"computed":true},"markers":{"type":["list",["object",{"key":"string","values":["list","string"]}]],"description_kind":"plain","computed":true},"name":{"type":"string","description_kind":"plain","optional":true,"computed":true},"profile":{"type":["set",["object",{"tcp_fast_path_profile":["set",["object",{"dsr_profile":["set",["object",{"dsr_encap_type":"string","dsr_type":"string"}]],"enable_syn_protection":"string","session_idle_timeout":"string"}]],"tcp_proxy_profile":["set",["object",{"aggressive_congestion_avoidance":"string","auto_window_growth":"string","automatic":"string","cc_algo":"string","congestion_recovery_scaling_factor":"string","idle_connection_timeout":"string","idle_connection_type":"string","ignore_time_wait":"string","ip_dscp":"string","keepalive_in_halfclose_state":"string","max_retransmissions":"string","max_segment_size":"string","max_syn_retransmissions":"string","min_rexmt_timeout":"string","nagles_algorithm":"string","reassembly_queue_size":"string","receive_window":"string","reorder_threshold":"string","slow_start_scaling_factor":"string","time_wait_delay":"string","use_interface_mtu":"string"}]],"type":"string","udp_fast_path_profile":["set",["object",{"dsr_profile":["set",["object",{"dsr_encap_type":"string","dsr_type":"string"}]],"per_pkt_loadbalance":"string","session_idle_timeout":"string","snat":"string"}]],"udp_proxy_profile":["set",["object",{"session_idle_timeout":"string"}]]}]],"description_kind":"plain","computed":true},"tenant_ref":{"type":"string","description_kind":"plain","optional":true,"computed":true},"uuid":{"type":"string","description_kind":"plain","optional":true,"computed":true}},"description_kind":"plain"}},"avi_networksecuritypolicy":{"version":0,"block":{"attributes":{"cloud_config_cksum":{"type":"string","description_kind":"plain","computed":true},"configpb_attributes":{"type":["set",["object",{"version":"string"}]],"description_kind":"plain","computed":true},"created_by":{"type":"string","description_kind":"plain","computed":true},"description":{"type":"string","description_kind":"plain","computed":true},"geo_db_ref":{"type":"string","description_kind":"plain","computed":true},"id":{"type":"string","description_kind":"plain","optional":true,"computed":true},"internal":{"type":"string","description_kind":"plain","computed":true},"ip_reputation_db_ref":{"type":"string","description_kind":"plain","computed":true},"markers":{"type":["list",["object",{"key":"string","values":["list","string"]}]],"description_kind":"plain","computed":true},"name":{"type":"string","description_kind":"plain","optional":true,"computed":true},"rules":{"type":["list",["object",{"action":"string","age":"string","created_by":"string","enable":"string","index":"string","log":"string","match":["set",["object",{"client_ip":["set",["object",{"addrs":["list",["object",{"addr":"string","type":"string"}]],"group_refs":["list","string"],"match_criteria":"string","prefixes":["list",["object",{"ip_addr":["set",["object",{"addr":"string","type":"string"}]],"mask":"string"}]],"ranges":["list",["object",{"begin":["set",["object",{"addr":"string","type":"string"}]],"end":["set",["object",{"addr":"string","type":"string"}]]}]]}]],"client_port":["set",["object",{"match_criteria":"string","ports":["list","number"],"ranges":["list",["object",{"end":"string","start":"string"}]]}]],"geo_matches":["list",["object",{"attribute":"string","match_operation":"string","values":["list","string"]}]],"ip_reputation_type":["set",["object",{"match_operation":"string","reputation_types":["list","string"]}]],"microservice":["set",["object",{"group_ref":"string","match_criteria":"string"}]],"vs_port":["set",["object",{"match_criteria":"string","ports":["list","number"]}]]}]],"name":"string","rl_param":["set",["object",{"burst_size":"string","max_rate":"string"}]]}]],"description_kind":"plain","computed":true},"tenant_ref":{"type":"string","description_kind":"plain","optional":true,"computed":true},"uuid":{"type":"string","description_kind":"plain","optional":true,"computed":true}},"description_kind":"plain"}},"avi_networkservice":{"version":0,"block":{"attributes":{"cloud_ref":{"type":"string","description_kind":"plain","optional":true,"computed":true},"configpb_attributes":{"type":["set",["object",{"version":"string"}]],"description_kind":"plain","computed":true},"id":{"type":"string","description_kind":"plain","optional":true,"computed":true},"markers":{"type":["list",["object",{"key":"string","values":["list","string"]}]],"description_kind":"plain","computed":true},"name":{"type":"string","description_kind":"plain","optional":true,"computed":true},"routing_service":{"type":["set",["object",{"advertise_backend_networks":"string","enable_auto_gateway":"string","enable_routing":"string","enable_vip_on_all_interfaces":"string","enable_vmac":"string","floating_intf_ip":["list",["object",{"addr":"string","type":"string"}]],"floating_intf_ip_se_2":["list",["object",{"addr":"string","type":"string"}]],"flowtable_profile":["set",["object",{"icmp_idle_timeout":"string","tcp_closed_timeout":"string","tcp_connection_setup_timeout":"string","tcp_half_closed_timeout":"string","tcp_idle_timeout":"string","tcp_reset_timeout":"string","udp_idle_timeout":"string"}]],"graceful_restart":"string","nat_policy_ref":"string","routing_by_linux_ipstack":"string"}]],"description_kind":"plain","computed":true},"se_group_ref":{"type":"string","description_kind":"plain","computed":true},"service_type":{"type":"string","description_kind":"plain","computed":true},"tenant_ref":{"type":"string","description_kind":"plain","optional":true,"computed":true},"uuid":{"type":"string","description_kind":"plain","optional":true,"computed":true},"vrf_ref":{"type":"string","description_kind":"plain","computed":true}},"description_kind":"plain"}},"avi_nsxtsegmentruntime":{"version":0,"block":{"attributes":{"cloud_ref":{"type":"string","description_kind":"plain","optional":true,"computed":true},"dhcp6_ranges":{"type":["list","string"],"description_kind":"plain","computed":true},"dhcp_enabled":{"type":"string","description_kind":"plain","computed":true},"dhcp_ranges":{"type":["list","string"],"description_kind":"plain","computed":true},"id":{"type":"string","description_kind":"plain","optional":true,"computed":true},"name":{"type":"string","description_kind":"plain","optional":true,"computed":true},"nw_name":{"type":"string","description_kind":"plain","computed":true},"nw_ref":{"type":"string","description_kind":"plain","computed":true},"opaque_network_id":{"type":"string","description_kind":"plain","computed":true},"segment_gw":{"type":"string","description_kind":"plain","computed":true},"segment_gw6":{"type":"string","description_kind":"plain","computed":true},"segment_id":{"type":"string","description_kind":"plain","computed":true},"segname":{"type":"string","description_kind":"plain","computed":true},"subnet":{"type":"string","description_kind":"plain","computed":true},"subnet6":{"type":"string","description_kind":"plain","computed":true},"tenant_ref":{"type":"string","description_kind":"plain","optional":true,"computed":true},"tier1_id":{"type":"string","description_kind":"plain","computed":true},"uuid":{"type":"string","description_kind":"plain","optional":true,"computed":true},"vlan_ids":{"type":["list","string"],"description_kind":"plain","computed":true},"vrf_context_ref":{"type":"string","description_kind":"plain","computed":true}},"description_kind":"plain"}},"avi_pingaccessagent":{"version":0,"block":{"attributes":{"configpb_attributes":{"type":["set",["object",{"version":"string"}]],"description_kind":"plain","computed":true},"description":{"type":"string","description_kind":"plain","computed":true},"id":{"type":"string","description_kind":"plain","optional":true,"computed":true},"markers":{"type":["list",["object",{"key":"string","values":["list","string"]}]],"description_kind":"plain","computed":true},"name":{"type":"string","description_kind":"plain","optional":true,"computed":true},"pingaccess_pool_ref":{"type":"string","description_kind":"plain","computed":true},"primary_server":{"type":["set",["object",{"hostname":"string","ip":["set",["object",{"addr":"string","type":"string"}]],"port":"string"}]],"description_kind":"plain","computed":true},"properties_file_data":{"type":"string","description_kind":"plain","computed":true},"tenant_ref":{"type":"string","description_kind":"plain","optional":true,"computed":true},"uuid":{"type":"string","description_kind":"plain","optional":true,"computed":true}},"description_kind":"plain"}},"avi_pkiprofile":{"version":0,"block":{"attributes":{"ca_certs":{"type":["list",["object",{"certificate":"string","certificate_signing_request":"string","chain_verified":"string","days_until_expire":"string","expiry_status":"string","fingerprint":"string","issuer":["set",["object",{"common_name":"string","country":"string","distinguished_name":"string","email_address":"string","locality":"string","organization":"string","organization_unit":"string","state":"string"}]],"key_params":["set",["object",{"algorithm":"string","ec_params":["set",["object",{"curve":"string"}]],"rsa_params":["set",["object",{"exponent":"string","key_size":"string"}]]}]],"not_after":"string","not_before":"string","public_key":"string","self_signed":"string","serial_number":"string","signature":"string","signature_algorithm":"string","subject":["set",["object",{"common_name":"string","country":"string","distinguished_name":"string","email_address":"string","locality":"string","organization":"string","organization_unit":"string","state":"string"}]],"subject_alt_names":["list","string"],"text":"string","version":"string"}]],"description_kind":"plain","computed":true},"configpb_attributes":{"type":["set",["object",{"version":"string"}]],"description_kind":"plain","computed":true},"created_by":{"type":"string","description_kind":"plain","computed":true},"crl_check":{"type":"string","description_kind":"plain","computed":true},"crls":{"type":["list",["object",{"body":"string","common_name":"string","distinguished_name":"string","etag":"string","fingerprint":"string","last_refreshed":"string","last_update":"string","next_update":"string","server_url":"string","text":"string","update_interval":"string"}]],"description_kind":"plain","computed":true},"id":{"type":"string","description_kind":"plain","optional":true,"computed":true},"ignore_peer_chain":{"type":"string","description_kind":"plain","computed":true},"is_federated":{"type":"string","description_kind":"plain","computed":true},"markers":{"type":["list",["object",{"key":"string","values":["list","string"]}]],"description_kind":"plain","computed":true},"name":{"type":"string","description_kind":"plain","optional":true,"computed":true},"tenant_ref":{"type":"string","description_kind":"plain","optional":true,"computed":true},"uuid":{"type":"string","description_kind":"plain","optional":true,"computed":true},"validate_only_leaf_crl":{"type":"string","description_kind":"plain","computed":true}},"description_kind":"plain"}},"avi_pool":{"version":0,"block":{"attributes":{"analytics_policy":{"type":["set",["object",{"enable_realtime_metrics":"string"}]],"description_kind":"plain","computed":true},"analytics_profile_ref":{"type":"string","description_kind":"plain","computed":true},"append_port":{"type":"string","description_kind":"plain","computed":true},"application_persistence_profile_ref":{"type":"string","description_kind":"plain","computed":true},"autoscale_launch_config_ref":{"type":"string","description_kind":"plain","computed":true},"autoscale_networks":{"type":["list","string"],"description_kind":"plain","computed":true},"autoscale_policy_ref":{"type":"string","description_kind":"plain","computed":true},"capacity_estimation":{"type":"string","description_kind":"plain","computed":true},"capacity_estimation_ttfb_thresh":{"type":"string","description_kind":"plain","computed":true},"cloud_config_cksum":{"type":"string","description_kind":"plain","computed":true},"cloud_ref":{"type":"string","description_kind":"plain","optional":true,"computed":true},"configpb_attributes":{"type":["set",["object",{"version":"string"}]],"description_kind":"plain","computed":true},"conn_pool_properties":{"type":["set",["object",{"upstream_connpool_conn_idle_tmo":"string","upstream_connpool_conn_life_tmo":"string","upstream_connpool_conn_max_reuse":"string","upstream_connpool_server_max_cache":"string"}]],"description_kind":"plain","computed":true},"connection_ramp_duration":{"type":"string","description_kind":"plain","computed":true},"created_by":{"type":"string","description_kind":"plain","computed":true},"default_server_port":{"type":"string","description_kind":"plain","computed":true},"delete_server_on_dns_refresh":{"type":"string","description_kind":"plain","computed":true},"description":{"type":"string","description_kind":"plain","computed":true},"domain_name":{"type":["list","string"],"description_kind":"plain","computed":true},"east_west":{"type":"string","description_kind":"plain","computed":true},"enable_http2":{"type":"string","description_kind":"plain","computed":true},"enabled":{"type":"string","description_kind":"plain","computed":true},"external_autoscale_groups":{"type":["list","string"],"description_kind":"plain","computed":true},"fail_action":{"type":["set",["object",{"local_rsp":["set",["object",{"file":["set",["object",{"content_type":"string","file_content":"string","file_length":"string"}]],"status_code":"string"}]],"redirect":["set",["object",{"host":"string","path":"string","protocol":"string","query":"string","status_code":"string"}]],"type":"string"}]],"description_kind":"plain","computed":true},"fewest_tasks_feedback_delay":{"type":"string","description_kind":"plain","computed":true},"graceful_disable_timeout":{"type":"string","description_kind":"plain","computed":true},"health_monitor_refs":{"type":["list","string"],"description_kind":"plain","computed":true},"host_check_enabled":{"type":"string","description_kind":"plain","computed":true},"http2_properties":{"type":["set",["object",{"max_http2_control_frames_per_connection":"string","max_http2_header_field_size":"string"}]],"description_kind":"plain","computed":true},"id":{"type":"string","description_kind":"plain","optional":true,"computed":true},"ignore_server_port":{"type":"string","description_kind":"plain","computed":true},"ignore_servers":{"type":"bool","description_kind":"plain","optional":true},"inline_health_monitor":{"type":"string","description_kind":"plain","computed":true},"ipaddrgroup_ref":{"type":"string","description_kind":"plain","computed":true},"lb_algorithm":{"type":"string","description_kind":"plain","computed":true},"lb_algorithm_consistent_hash_hdr":{"type":"string","description_kind":"plain","computed":true},"lb_algorithm_core_nonaffinity":{"type":"string","description_kind":"plain","computed":true},"lb_algorithm_hash":{"type":"string","description_kind":"plain","computed":true},"lookup_server_by_name":{"type":"string","description_kind":"plain","computed":true},"markers":{"type":["list",["object",{"key":"string","values":["list","string"]}]],"description_kind":"plain","computed":true},"max_concurrent_connections_per_server":{"type":"string","description_kind":"plain","computed":true},"max_conn_rate_per_server":{"type":["set",["object",{"action":["set",["object",{"file":["set",["object",{"content_type":"string","file_content":"string","file_length":"string"}]],"redirect":["set",["object",{"add_string":"string","host":["set",["object",{"tokens":["list",["object",{"end_index":"string","start_index":"string","str_value":"string","type":"string"}]],"type":"string"}]],"keep_query":"string","path":["set",["object",{"tokens":["list",["object",{"end_index":"string","start_index":"string","str_value":"string","type":"string"}]],"type":"string"}]],"port":"string","protocol":"string","status_code":"string"}]],"status_code":"string","type":"string"}]],"explicit_tracking":"string","fine_grain":"string","http_cookie":"string","http_header":"string","rate_limiter":["set",["object",{"burst_sz":"string","count":"string","name":"string","period":"string"}]]}]],"description_kind":"plain","computed":true},"min_health_monitors_up":{"type":"string","description_kind":"plain","computed":true},"min_servers_up":{"type":"string","description_kind":"plain","computed":true},"name":{"type":"string","description_kind":"plain","optional":true,"computed":true},"networks":{"type":["list",["object",{"network_ref":"string","server_filter":"string"}]],"description_kind":"plain","computed":true},"nsx_securitygroup":{"type":["list","string"],"description_kind":"plain","computed":true},"pki_profile_ref":{"type":"string","description_kind":"plain","computed":true},"placement_networks":{"type":["list",["object",{"network_ref":"string","subnet":["set",["object",{"ip_addr":["set",["object",{"addr":"string","type":"string"}]],"mask":"string"}]]}]],"description_kind":"plain","computed":true},"request_queue_depth":{"type":"string","description_kind":"plain","computed":true},"request_queue_enabled":{"type":"string","description_kind":"plain","computed":true},"resolve_pool_by_dns":{"type":"string","description_kind":"plain","computed":true},"rewrite_host_header_to_server_name":{"type":"string","description_kind":"plain","computed":true},"rewrite_host_header_to_sni":{"type":"string","description_kind":"plain","computed":true},"routing_pool":{"type":"string","description_kind":"plain","computed":true},"server_disable_type":{"type":"string","description_kind":"plain","computed":true},"server_name":{"type":"string","description_kind":"plain","computed":true},"server_reselect":{"type":["set",["object",{"enabled":"string","num_retries":"string","retry_nonidempotent":"string","retry_timeout":"string","svr_resp_code":["set",["object",{"codes":["list","number"],"ranges":["list",["object",{"begin":"string","end":"string"}]],"resp_code_block":["list","string"]}]]}]],"description_kind":"plain","computed":true},"server_timeout":{"type":"string","description_kind":"plain","computed":true},"servers":{"type":["list",["object",{"autoscaling_group_name":"string","availability_zone":"string","description":"string","discovered_networks":["list",["object",{"network_ref":"string","subnet":["list",["object",{"ip_addr":["set",["object",{"addr":"string","type":"string"}]],"mask":"string"}]],"subnet6":["list",["object",{"ip_addr":["set",["object",{"addr":"string","type":"string"}]],"mask":"string"}]]}]],"enabled":"string","external_orchestration_id":"string","external_uuid":"string","hostname":"string","ip":["set",["object",{"addr":"string","type":"string"}]],"location":["set",["object",{"latitude":"string","longitude":"string","name":"string","tag":"string"}]],"mac_address":"string","nw_ref":"string","port":"string","prst_hdr_val":"string","ratio":"string","resolve_server_by_dns":"string","rewrite_host_header":"string","server_node":"string","static":"string","verify_network":"string","vm_ref":"string"}]],"description_kind":"plain","computed":true},"service_metadata":{"type":"string","description_kind":"plain","computed":true},"sni_enabled":{"type":"string","description_kind":"plain","computed":true},"ssl_key_and_certificate_ref":{"type":"string","description_kind":"plain","computed":true},"ssl_profile_ref":{"type":"string","description_kind":"plain","computed":true},"tenant_ref":{"type":"string","description_kind":"plain","optional":true,"computed":true},"tier1_lr":{"type":"string","description_kind":"plain","computed":true},"use_service_port":{"type":"string","description_kind":"plain","computed":true},"use_service_ssl_mode":{"type":"string","description_kind":"plain","computed":true},"uuid":{"type":"string","description_kind":"plain","optional":true,"computed":true},"vrf_ref":{"type":"string","description_kind":"plain","computed":true}},"description_kind":"plain"}},"avi_poolgroup":{"version":0,"block":{"attributes":{"cloud_config_cksum":{"type":"string","description_kind":"plain","computed":true},"cloud_ref":{"type":"string","description_kind":"plain","optional":true,"computed":true},"configpb_attributes":{"type":["set",["object",{"version":"string"}]],"description_kind":"plain","computed":true},"created_by":{"type":"string","description_kind":"plain","computed":true},"deactivate_primary_pool_on_down":{"type":"string","description_kind":"plain","computed":true},"deployment_policy_ref":{"type":"string","description_kind":"plain","computed":true},"description":{"type":"string","description_kind":"plain","computed":true},"enable_http2":{"type":"string","description_kind":"plain","computed":true},"fail_action":{"type":["set",["object",{"local_rsp":["set",["object",{"file":["set",["object",{"content_type":"string","file_content":"string","file_length":"string"}]],"status_code":"string"}]],"redirect":["set",["object",{"host":"string","path":"string","protocol":"string","query":"string","status_code":"string"}]],"type":"string"}]],"description_kind":"plain","computed":true},"id":{"type":"string","description_kind":"plain","optional":true,"computed":true},"implicit_priority_labels":{"type":"string","description_kind":"plain","computed":true},"markers":{"type":["list",["object",{"key":"string","values":["list","string"]}]],"description_kind":"plain","computed":true},"members":{"type":["list",["object",{"deployment_state":"string","pool_ref":"string","priority_label":"string","ratio":"string"}]],"description_kind":"plain","computed":true},"min_servers":{"type":"string","description_kind":"plain","computed":true},"name":{"type":"string","description_kind":"plain","optional":true,"computed":true},"priority_labels_ref":{"type":"string","description_kind":"plain","computed":true},"service_metadata":{"type":"string","description_kind":"plain","computed":true},"tenant_ref":{"type":"string","description_kind":"plain","optional":true,"computed":true},"uuid":{"type":"string","description_kind":"plain","optional":true,"computed":true}},"description_kind":"plain"}},"avi_poolgroupdeploymentpolicy":{"version":0,"block":{"attributes":{"auto_disable_old_prod_pools":{"type":"string","description_kind":"plain","computed":true},"configpb_attributes":{"type":["set",["object",{"version":"string"}]],"description_kind":"plain","computed":true},"description":{"type":"string","description_kind":"plain","computed":true},"evaluation_duration":{"type":"string","description_kind":"plain","computed":true},"id":{"type":"string","description_kind":"plain","optional":true,"computed":true},"markers":{"type":["list",["object",{"key":"string","values":["list","string"]}]],"description_kind":"plain","computed":true},"name":{"type":"string","description_kind":"plain","optional":true,"computed":true},"rules":{"type":["list",["object",{"metric_id":"string","operator":"string","threshold":"string"}]],"description_kind":"plain","computed":true},"scheme":{"type":"string","description_kind":"plain","computed":true},"target_test_traffic_ratio":{"type":"string","description_kind":"plain","computed":true},"tenant_ref":{"type":"string","description_kind":"plain","optional":true,"computed":true},"test_traffic_ratio_rampup":{"type":"string","description_kind":"plain","computed":true},"uuid":{"type":"string","description_kind":"plain","optional":true,"computed":true},"webhook_ref":{"type":"string","description_kind":"plain","computed":true}},"description_kind":"plain"}},"avi_prioritylabels":{"version":0,"block":{"attributes":{"cloud_ref":{"type":"string","description_kind":"plain","optional":true,"computed":true},"configpb_attributes":{"type":["set",["object",{"version":"string"}]],"description_kind":"plain","computed":true},"description":{"type":"string","description_kind":"plain","computed":true},"equivalent_labels":{"type":["list",["object",{"labels":["list","string"]}]],"description_kind":"plain","computed":true},"id":{"type":"string","description_kind":"plain","optional":true,"computed":true},"markers":{"type":["list",["object",{"key":"string","values":["list","string"]}]],"description_kind":"plain","computed":true},"name":{"type":"string","description_kind":"plain","optional":true,"computed":true},"tenant_ref":{"type":"string","description_kind":"plain","optional":true,"computed":true},"uuid":{"type":"string","description_kind":"plain","optional":true,"computed":true}},"description_kind":"plain"}},"avi_protocolparser":{"version":0,"block":{"attributes":{"configpb_attributes":{"type":["set",["object",{"version":"string"}]],"description_kind":"plain","computed":true},"description":{"type":"string","description_kind":"plain","computed":true},"id":{"type":"string","description_kind":"plain","optional":true,"computed":true},"markers":{"type":["list",["object",{"key":"string","values":["list","string"]}]],"description_kind":"plain","computed":true},"name":{"type":"string","description_kind":"plain","optional":true,"computed":true},"parser_code":{"type":"string","description_kind":"plain","computed":true},"tenant_ref":{"type":"string","description_kind":"plain","optional":true,"computed":true},"uuid":{"type":"string","description_kind":"plain","optional":true,"computed":true}},"description_kind":"plain"}},"avi_rmcloudopsproto":{"version":0,"block":{"attributes":{"id":{"type":"string","description_kind":"plain","optional":true,"computed":true},"last_queried_se_creation_limit":{"type":"string","description_kind":"plain","computed":true},"name":{"type":"string","description_kind":"plain","optional":true,"computed":true},"pending_se_creation_count":{"type":"string","description_kind":"plain","computed":true},"pending_vnic_op_count":{"type":"string","description_kind":"plain","computed":true},"uuid":{"type":"string","description_kind":"plain","optional":true,"computed":true}},"description_kind":"plain"}},"avi_role":{"version":0,"block":{"attributes":{"allow_unlabelled_access":{"type":"string","description_kind":"plain","computed":true},"configpb_attributes":{"type":["set",["object",{"version":"string"}]],"description_kind":"plain","computed":true},"filters":{"type":["list",["object",{"enabled":"string","match_label":["set",["object",{"key":"string","values":["list","string"]}]],"match_operation":"string","name":"string"}]],"description_kind":"plain","computed":true},"id":{"type":"string","description_kind":"plain","optional":true,"computed":true},"name":{"type":"string","description_kind":"plain","optional":true,"computed":true},"privileges":{"type":["list",["object",{"resource":"string","subresource":["set",["object",{"exclude_subresources":"string","subresources":["list","string"]}]],"type":"string"}]],"description_kind":"plain","computed":true},"tenant_ref":{"type":"string","description_kind":"plain","optional":true,"computed":true},"uuid":{"type":"string","description_kind":"plain","optional":true,"computed":true}},"description_kind":"plain"}},"avi_scheduler":{"version":0,"block":{"attributes":{"backup_config_ref":{"type":"string","description_kind":"plain","computed":true},"configpb_attributes":{"type":["set",["object",{"version":"string"}]],"description_kind":"plain","computed":true},"enabled":{"type":"string","description_kind":"plain","computed":true},"end_date_time":{"type":"string","description_kind":"plain","computed":true},"frequency":{"type":"string","description_kind":"plain","computed":true},"frequency_unit":{"type":"string","description_kind":"plain","computed":true},"id":{"type":"string","description_kind":"plain","optional":true,"computed":true},"name":{"type":"string","description_kind":"plain","optional":true,"computed":true},"run_mode":{"type":"string","description_kind":"plain","computed":true},"run_script_ref":{"type":"string","description_kind":"plain","computed":true},"scheduler_action":{"type":"string","description_kind":"plain","computed":true},"start_date_time":{"type":"string","description_kind":"plain","computed":true},"tenant_ref":{"type":"string","description_kind":"plain","optional":true,"computed":true},"uuid":{"type":"string","description_kind":"plain","optional":true,"computed":true}},"description_kind":"plain"}},"avi_securitymanagerdata":{"version":0,"block":{"attributes":{"app_learning_info":{"type":["list",["object",{"app_id":"string","uri_info":["list",["object",{"param_info":["list",["object",{"param_hits":"string","param_key":"string","param_size_classes":["list",["object",{"hits":"string","len":"string"}]],"param_type_classes":["list",["object",{"hits":"string","type":"string"}]]}]],"uri_hits":"string","uri_key":"string"}]],"vs_uuid":"string"}]],"description_kind":"plain","computed":true},"id":{"type":"string","description_kind":"plain","optional":true,"computed":true},"name":{"type":"string","description_kind":"plain","optional":true,"computed":true},"tenant_ref":{"type":"string","description_kind":"plain","optional":true,"computed":true},"uuid":{"type":"string","description_kind":"plain","optional":true,"computed":true}},"description_kind":"plain"}},"avi_securitypolicy":{"version":0,"block":{"attributes":{"configpb_attributes":{"type":["set",["object",{"version":"string"}]],"description_kind":"plain","computed":true},"description":{"type":"string","description_kind":"plain","computed":true},"dns_amplification_denyports":{"type":["set",["object",{"match_criteria":"string","ports":["list","number"],"ranges":["list",["object",{"end":"string","start":"string"}]]}]],"description_kind":"plain","computed":true},"dns_attacks":{"type":["set",["object",{"attacks":["list",["object",{"attack_vector":"string","enabled":"string","max_mitigation_age":"string","mitigation_action":["set",["object",{"deny":"string"}]],"threshold":"string"}]],"oper_mode":"string"}]],"description_kind":"plain","computed":true},"dns_policy_index":{"type":"string","description_kind":"plain","computed":true},"id":{"type":"string","description_kind":"plain","optional":true,"computed":true},"markers":{"type":["list",["object",{"key":"string","values":["list","string"]}]],"description_kind":"plain","computed":true},"name":{"type":"string","description_kind":"plain","optional":true,"computed":true},"network_security_policy_index":{"type":"string","description_kind":"plain","computed":true},"oper_mode":{"type":"string","description_kind":"plain","computed":true},"tcp_attacks":{"type":["set",["object",{}]],"description_kind":"plain","computed":true},"tenant_ref":{"type":"string","description_kind":"plain","optional":true,"computed":true},"udp_attacks":{"type":["set",["object",{}]],"description_kind":"plain","computed":true},"uuid":{"type":"string","description_kind":"plain","optional":true,"computed":true}},"description_kind":"plain"}},"avi_seproperties":{"version":0,"block":{"attributes":{"configpb_attributes":{"type":["set",["object",{"version":"string"}]],"description_kind":"plain","computed":true},"id":{"type":"string","description_kind":"plain","optional":true,"computed":true},"se_agent_properties":{"type":["set",["object",{"controller_echo_miss_aggressive_limit":"string","controller_echo_miss_limit":"string","controller_echo_rpc_aggressive_timeout":"string","controller_echo_rpc_timeout":"string","controller_heartbeat_miss_limit":"string","controller_heartbeat_timeout_sec":"string","controller_registration_timeout_sec":"string","controller_rpc_timeout":"string","cpustats_interval":"string","ctrl_reg_pending_max_wait_time":"string","debug_mode":"string","dp_aggressive_deq_interval_msec":"string","dp_aggressive_enq_interval_msec":"string","dp_batch_size":"string","dp_deq_interval_msec":"string","dp_enq_interval_msec":"string","dp_max_wait_rsp_time_sec":"string","dp_reg_pending_max_wait_time":"string","headless_timeout_sec":"string","ignore_docker_mac_change":"string","ns_helper_deq_interval_msec":"string","sdb_flush_interval":"string","sdb_pipeline_size":"string","sdb_scan_count":"string","se_grp_change_disruptive":"string","seagent_statecache_properties":["set",["object",{"sc_batch_buffer_flush_limit":"string","sc_cfg_q_batch_dequeue_limit":"string","sc_cfg_q_max_size":"string","sc_dns_q_batch_dequeue_limit":"string","sc_dns_q_max_size":"string","sc_shard_cleanup_max_time":"string","sc_state_ring_batch_dequeue_limit":"string","sc_states_flush_interval":"string","sc_stream_check_interval":"string","sc_thread_q_batch_dequeue_limit":"string","sc_thread_q_max_size":"string","sc_thread_sleep_interval":"string"}]],"send_se_ready_timeout":"string","states_flush_interval":"string","vnic_dhcp_ip_check_interval":"string","vnic_dhcp_ip_max_retries":"string","vnic_ip_delete_interval":"string","vnic_probe_interval":"string","vnic_rpc_retry_interval":"string","vnicdb_cmd_history_size":"string"}]],"description_kind":"plain","computed":true},"se_bootup_properties":{"type":["set",["object",{"docker_backend_portend":"string","docker_backend_portstart":"string","fair_queueing_enabled":"string","geo_db_granularity":"string","l7_conns_per_core":"string","l7_resvd_listen_conns_per_core":"string","log_agent_debug_enabled":"string","log_agent_trace_enabled":"string","se_dp_compression":["set",["object",{"buf_num":"string","buf_size":"string","hash_size":"string","level_aggressive":"string","level_normal":"string","window_size":"string"}]],"se_emulated_cores":"string","se_ip_encap_ipc":"string","se_l3_encap_ipc":"string","se_log_buffer_app_blocking_dequeue":"string","se_log_buffer_applog_size":"string","se_log_buffer_chunk_count":"string","se_log_buffer_conn_blocking_dequeue":"string","se_log_buffer_connlog_size":"string","se_log_buffer_events_blocking_dequeue":"string","se_log_buffer_events_size":"string","ssl_sess_cache_per_vs":"string","tcp_syncache_hashsize":"string"}]],"description_kind":"plain","computed":true},"se_runtime_properties":{"type":["set",["object",{"admin_ssh_enabled":"string","app_headers":["list",["object",{"hdr_match_case":"string","hdr_name":"string","hdr_string_op":"string"}]],"baremetal_dispatcher_handles_flows":"string","connections_lossy_log_rate_limiter_threshold":"string","connections_udfnf_log_rate_limiter_threshold":"string","disable_flow_probes":"string","dos_profile":["set",["object",{"thresh_info":["list",["object",{"attack":"string","max_value":"string","min_value":"string"}]],"thresh_period":"string"}]],"downstream_send_timeout":"string","dp_aggressive_hb_frequency":"string","dp_aggressive_hb_timeout_count":"string","dp_hb_frequency":"string","dp_hb_timeout_count":"string","dupip_frequency":"string","dupip_timeout_count":"string","enable_hsm_log":"string","feproxy_vips_enable_proxy_arp":"string","flow_table_batch_push_frequency":"string","global_mtu":"string","http_rum_console_log":"string","http_rum_min_content_length":"string","lbaction_num_requests_to_dispatch":"string","lbaction_rq_per_request_max_retries":"string","log_agent_compress_logs":"string","log_agent_file_sz_appl":"string","log_agent_file_sz_conn":"string","log_agent_file_sz_debug":"string","log_agent_file_sz_event":"string","log_agent_log_storage_min_sz":"string","log_agent_max_concurrent_rsync":"string","log_agent_max_storage_excess_percent":"string","log_agent_max_storage_ignore_percent":"string","log_agent_min_storage_per_vs":"string","log_agent_sleep_interval":"string","log_agent_unknown_vs_timer":"string","log_message_max_file_list_size":"string","ngx_free_connection_stack":"string","persistence_mem_max":"string","scaleout_udp_per_pkt":"string","se_auth_ldap_bind_timeout":"string","se_auth_ldap_cache_size":"string","se_auth_ldap_connect_timeout":"string","se_auth_ldap_conns_per_server":"string","se_auth_ldap_reconnect_timeout":"string","se_auth_ldap_request_timeout":"string","se_auth_ldap_servers_failover_only":"string","se_dp_compression":["set",["object",{"max_low_rtt":"string","min_high_rtt":"string","min_length":"string","mobile_str":["list","string"]}]],"se_dp_hm_drops":"string","se_dp_if_state_poll_interval":"string","se_dp_log_nf_enqueue_percent":"string","se_dp_log_udf_enqueue_percent":"string","se_dump_core_on_assert":"string","se_handle_interface_routes":"string","se_hb_persist_fudge_bits":"string","se_mac_error_threshold_to_disable_promiscious":"string","se_memory_poison":"string","se_metrics_interval":"string","se_metrics_rt_enabled":"string","se_metrics_rt_interval":"string","se_packet_buffer_max":"string","se_random_tcp_drops":"string","se_rate_limiters":["set",["object",{"arp_rl":"string","default_rl":"string","flow_probe_rl":"string","icmp_rl":"string","icmp_rsp_rl":"string","rst_rl":"string"}]],"service_ip_subnets":["list",["object",{"ip_addr":["set",["object",{"addr":"string","type":"string"}]],"mask":"string"}]],"service_port_ranges":["list",["object",{"end":"string","start":"string"}]],"services_accessible_all_interfaces":"string","tcp_syncache_max_retransmit_default":"string","upstream_connect_timeout":"string","upstream_connpool_cache_thresh":"string","upstream_connpool_conn_idle_thresh_tmo":"string","upstream_connpool_core_max_cache":"string","upstream_connpool_enable":"string","upstream_keepalive":"string","upstream_read_timeout":"string","upstream_send_timeout":"string","user_defined_metric_age":"string"}]],"description_kind":"plain","computed":true},"uuid":{"type":"string","description_kind":"plain","optional":true,"computed":true}},"description_kind":"plain"}},"avi_server":{"version":0,"block":{"attributes":{"autoscaling_group_name":{"type":"string","description_kind":"plain","computed":true},"availability_zone":{"type":"string","description_kind":"plain","computed":true},"description":{"type":"string","description_kind":"plain","computed":true},"discovered_networks":{"type":["list",["object",{"network_ref":"string","subnet":["list",["object",{"ip_addr":["set",["object",{"addr":"string","type":"string"}]],"mask":"string"}]],"subnet6":["list",["object",{"ip_addr":["set",["object",{"addr":"string","type":"string"}]],"mask":"string"}]]}]],"description_kind":"plain","computed":true},"enabled":{"type":"string","description_kind":"plain","computed":true},"external_orchestration_id":{"type":"string","description_kind":"plain","computed":true},"external_uuid":{"type":"string","description_kind":"plain","computed":true},"hostname":{"type":"string","description_kind":"plain","computed":true},"id":{"type":"string","description_kind":"plain","optional":true,"computed":true},"ip":{"type":"string","description_kind":"plain","required":true},"location":{"type":["set",["object",{"latitude":"string","longitude":"string","name":"string","tag":"string"}]],"description_kind":"plain","computed":true},"mac_address":{"type":"string","description_kind":"plain","computed":true},"nw_ref":{"type":"string","description_kind":"plain","computed":true},"pool_ref":{"type":"string","description_kind":"plain","required":true},"port":{"type":"string","description_kind":"plain","computed":true},"prst_hdr_val":{"type":"string","description_kind":"plain","computed":true},"ratio":{"type":"string","description_kind":"plain","computed":true},"resolve_server_by_dns":{"type":"string","description_kind":"plain","computed":true},"rewrite_host_header":{"type":"string","description_kind":"plain","computed":true},"server_node":{"type":"string","description_kind":"plain","computed":true},"static":{"type":"string","description_kind":"plain","computed":true},"type":{"type":"string","description_kind":"plain","computed":true},"verify_network":{"type":"string","description_kind":"plain","computed":true},"vm_ref":{"type":"string","description_kind":"plain","computed":true}},"description_kind":"plain"}},"avi_serverautoscalepolicy":{"version":0,"block":{"attributes":{"configpb_attributes":{"type":["set",["object",{"version":"string"}]],"description_kind":"plain","computed":true},"delay_for_server_garbage_collection":{"type":"string","description_kind":"plain","computed":true},"description":{"type":"string","description_kind":"plain","computed":true},"id":{"type":"string","description_kind":"plain","optional":true,"computed":true},"intelligent_autoscale":{"type":"string","description_kind":"plain","computed":true},"intelligent_scalein_margin":{"type":"string","description_kind":"plain","computed":true},"intelligent_scaleout_margin":{"type":"string","description_kind":"plain","computed":true},"markers":{"type":["list",["object",{"key":"string","values":["list","string"]}]],"description_kind":"plain","computed":true},"max_scalein_adjustment_step":{"type":"string","description_kind":"plain","computed":true},"max_scaleout_adjustment_step":{"type":"string","description_kind":"plain","computed":true},"max_size":{"type":"string","description_kind":"plain","computed":true},"min_size":{"type":"string","description_kind":"plain","computed":true},"name":{"type":"string","description_kind":"plain","optional":true,"computed":true},"scalein_alertconfig_refs":{"type":["list","string"],"description_kind":"plain","computed":true},"scalein_cooldown":{"type":"string","description_kind":"plain","computed":true},"scaleout_alertconfig_refs":{"type":["list","string"],"description_kind":"plain","computed":true},"scaleout_cooldown":{"type":"string","description_kind":"plain","computed":true},"scheduled_scalings":{"type":["list",["object",{"autoscaling_duration":"string","cron_expression":"string","desired_capacity":"string","enable":"string","end_date":"string","recurrence":"string","schedule_max_step":"string","start_date":"string"}]],"description_kind":"plain","computed":true},"tenant_ref":{"type":"string","description_kind":"plain","optional":true,"computed":true},"use_predicted_load":{"type":"string","description_kind":"plain","computed":true},"uuid":{"type":"string","description_kind":"plain","optional":true,"computed":true}},"description_kind":"plain"}},"avi_serviceengine":{"version":0,"block":{"attributes":{"availability_zone":{"type":"string","description_kind":"plain","computed":true},"cloud_ref":{"type":"string","description_kind":"plain","optional":true,"computed":true},"container_mode":{"type":"string","description_kind":"plain","computed":true},"container_type":{"type":"string","description_kind":"plain","computed":true},"controller_created":{"type":"string","description_kind":"plain","computed":true},"controller_ip":{"type":"string","description_kind":"plain","computed":true},"data_vnics":{"type":["list",["object",{"adapter":"string","aggregator_chgd":"string","can_se_dp_takeover":"string","connected":"string","del_pending":"string","delete_vnic":"string","dhcp_enabled":"string","dp_deletion_done":"string","enabled":"string","if_name":"string","ip6_autocfg_enabled":"string","is_asm":"string","is_avi_internal_network":"string","is_hsm":"string","is_mgmt":"string","is_portchannel":"string","link_up":"string","linux_name":"string","mac_address":"string","members":["list",["object",{"active":"string","if_name":"string","mac_address":"string"}]],"mtu":"string","network_name":"string","network_ref":"string","pci_id":"string","port_uuid":"string","vlan_id":"string","vlan_interfaces":["list",["object",{"dhcp_enabled":"string","enabled":"string","if_name":"string","ip6_autocfg_enabled":"string","is_mgmt":"string","vlan_id":"string","vnic_networks":["list",["object",{"ctlr_alloc":"string","ip":["set",["object",{"ip_addr":["set",["object",{"addr":"string","type":"string"}]],"mask":"string"}]],"mode":"string"}]],"vrf_ref":"string"}]],"vnic_networks":["list",["object",{"ctlr_alloc":"string","ip":["set",["object",{"ip_addr":["set",["object",{"addr":"string","type":"string"}]],"mask":"string"}]],"mode":"string"}]],"vrf_id":"string","vrf_ref":"string"}]],"description_kind":"plain","computed":true},"enable_state":{"type":"string","description_kind":"plain","computed":true},"flavor":{"type":"string","description_kind":"plain","computed":true},"host_ref":{"type":"string","description_kind":"plain","computed":true},"hypervisor":{"type":"string","description_kind":"plain","computed":true},"id":{"type":"string","description_kind":"plain","optional":true,"computed":true},"mgmt_vnic":{"type":["set",["object",{"adapter":"string","aggregator_chgd":"string","can_se_dp_takeover":"string","connected":"string","del_pending":"string","delete_vnic":"string","dhcp_enabled":"string","dp_deletion_done":"string","enabled":"string","if_name":"string","ip6_autocfg_enabled":"string","is_asm":"string","is_avi_internal_network":"string","is_hsm":"string","is_mgmt":"string","is_portchannel":"string","link_up":"string","linux_name":"string","mac_address":"string","members":["list",["object",{"active":"string","if_name":"string","mac_address":"string"}]],"mtu":"string","network_name":"string","network_ref":"string","pci_id":"string","port_uuid":"string","vlan_id":"string","vlan_interfaces":["list",["object",{"dhcp_enabled":"string","enabled":"string","if_name":"string","ip6_autocfg_enabled":"string","is_mgmt":"string","vlan_id":"string","vnic_networks":["list",["object",{"ctlr_alloc":"string","ip":["set",["object",{"ip_addr":["set",["object",{"addr":"string","type":"string"}]],"mask":"string"}]],"mode":"string"}]],"vrf_ref":"string"}]],"vnic_networks":["list",["object",{"ctlr_alloc":"string","ip":["set",["object",{"ip_addr":["set",["object",{"addr":"string","type":"string"}]],"mask":"string"}]],"mode":"string"}]],"vrf_id":"string","vrf_ref":"string"}]],"description_kind":"plain","computed":true},"name":{"type":"string","description_kind":"plain","optional":true,"computed":true},"resources":{"type":["set",["object",{"cores_per_socket":"string","disk":"string","hyper_threading":"string","hypervisor_mode":"string","memory":"string","num_datapath_processes":"string","num_vcpus":"string","sockets":"string"}]],"description_kind":"plain","computed":true},"se_group_ref":{"type":"string","description_kind":"plain","computed":true},"tenant_ref":{"type":"string","description_kind":"plain","optional":true,"computed":true},"uuid":{"type":"string","description_kind":"plain","optional":true,"computed":true}},"description_kind":"plain"}},"avi_serviceenginegroup":{"version":0,"block":{"attributes":{"accelerated_networking":{"type":"string","description_kind":"plain","computed":true},"active_standby":{"type":"string","description_kind":"plain","computed":true},"aggressive_failure_detection":{"type":"string","description_kind":"plain","computed":true},"algo":{"type":"string","description_kind":"plain","computed":true},"allow_burst":{"type":"string","description_kind":"plain","computed":true},"app_cache_percent":{"type":"string","description_kind":"plain","computed":true},"app_cache_threshold":{"type":"string","description_kind":"plain","computed":true},"app_learning_memory_percent":{"type":"string","description_kind":"plain","computed":true},"archive_shm_limit":{"type":"string","description_kind":"plain","computed":true},"async_ssl":{"type":"string","description_kind":"plain","computed":true},"async_ssl_threads":{"type":"string","description_kind":"plain","computed":true},"auto_rebalance":{"type":"string","description_kind":"plain","computed":true},"auto_rebalance_capacity_per_se":{"type":["list","number"],"description_kind":"plain","computed":true},"auto_rebalance_criteria":{"type":["list","string"],"description_kind":"plain","computed":true},"auto_rebalance_interval":{"type":"string","description_kind":"plain","computed":true},"auto_redistribute_active_standby_load":{"type":"string","description_kind":"plain","computed":true},"availability_zone_refs":{"type":["list","string"],"description_kind":"plain","computed":true},"bgp_state_update_interval":{"type":"string","description_kind":"plain","computed":true},"buffer_se":{"type":"string","description_kind":"plain","computed":true},"cloud_ref":{"type":"string","description_kind":"plain","optional":true,"computed":true},"compress_ip_rules_for_each_ns_subnet":{"type":"string","description_kind":"plain","computed":true},"config_debugs_on_all_cores":{"type":"string","description_kind":"plain","computed":true},"configpb_attributes":{"type":["set",["object",{"version":"string"}]],"description_kind":"plain","computed":true},"connection_memory_percentage":{"type":"string","description_kind":"plain","computed":true},"core_shm_app_cache":{"type":"string","description_kind":"plain","computed":true},"core_shm_app_learning":{"type":"string","description_kind":"plain","computed":true},"cpu_reserve":{"type":"string","description_kind":"plain","computed":true},"cpu_socket_affinity":{"type":"string","description_kind":"plain","computed":true},"custom_securitygroups_data":{"type":["list","string"],"description_kind":"plain","computed":true},"custom_securitygroups_mgmt":{"type":["list","string"],"description_kind":"plain","computed":true},"custom_tag":{"type":["list",["object",{"tag_key":"string","tag_val":"string"}]],"description_kind":"plain","computed":true},"data_network_id":{"type":"string","description_kind":"plain","computed":true},"datascript_timeout":{"type":"string","description_kind":"plain","computed":true},"deactivate_ipv6_discovery":{"type":"string","description_kind":"plain","computed":true},"dedicated_dispatcher_core":{"type":"string","description_kind":"plain","computed":true},"description":{"type":"string","description_kind":"plain","computed":true},"disable_avi_securitygroups":{"type":"string","description_kind":"plain","computed":true},"disable_csum_offloads":{"type":"string","description_kind":"plain","computed":true},"disable_flow_probes":{"type":"string","description_kind":"plain","computed":true},"disable_gro":{"type":"string","description_kind":"plain","computed":true},"disable_se_memory_check":{"type":"string","description_kind":"plain","computed":true},"disable_tso":{"type":"string","description_kind":"plain","computed":true},"disk_per_se":{"type":"string","description_kind":"plain","computed":true},"distribute_load_active_standby":{"type":"string","description_kind":"plain","computed":true},"distribute_queues":{"type":"string","description_kind":"plain","computed":true},"distribute_vnics":{"type":"string","description_kind":"plain","computed":true},"downstream_send_timeout":{"type":"string","description_kind":"plain","computed":true},"dp_aggressive_deq_interval_msec":{"type":"string","description_kind":"plain","computed":true},"dp_aggressive_enq_interval_msec":{"type":"string","description_kind":"plain","computed":true},"dp_aggressive_hb_frequency":{"type":"string","description_kind":"plain","computed":true},"dp_aggressive_hb_timeout_count":{"type":"string","description_kind":"plain","computed":true},"dp_deq_interval_msec":{"type":"string","description_kind":"plain","computed":true},"dp_enq_interval_msec":{"type":"string","description_kind":"plain","computed":true},"dp_hb_frequency":{"type":"string","description_kind":"plain","computed":true},"dp_hb_timeout_count":{"type":"string","description_kind":"plain","computed":true},"enable_gratarp_permanent":{"type":"string","description_kind":"plain","computed":true},"enable_hsm_log":{"type":"string","description_kind":"plain","computed":true},"enable_hsm_priming":{"type":"string","description_kind":"plain","computed":true},"enable_multi_lb":{"type":"string","description_kind":"plain","computed":true},"enable_pcap_tx_ring":{"type":"string","description_kind":"plain","computed":true},"ephemeral_portrange_end":{"type":"string","description_kind":"plain","computed":true},"ephemeral_portrange_start":{"type":"string","description_kind":"plain","computed":true},"extra_config_multiplier":{"type":"string","description_kind":"plain","computed":true},"extra_shared_config_memory":{"type":"string","description_kind":"plain","computed":true},"flow_table_new_syn_max_entries":{"type":"string","description_kind":"plain","computed":true},"free_list_size":{"type":"string","description_kind":"plain","computed":true},"gcp_config":{"type":["set",["object",{"backend_data_vpc_network_name":"string","backend_data_vpc_project_id":"string","backend_data_vpc_subnet_name":"string"}]],"description_kind":"plain","computed":true},"gratarp_permanent_periodicity":{"type":"string","description_kind":"plain","computed":true},"ha_mode":{"type":"string","description_kind":"plain","computed":true},"handle_per_pkt_attack":{"type":"string","description_kind":"plain","computed":true},"hardwaresecuritymodulegroup_ref":{"type":"string","description_kind":"plain","computed":true},"heap_minimum_config_memory":{"type":"string","description_kind":"plain","computed":true},"hm_on_standby":{"type":"string","description_kind":"plain","computed":true},"host_attribute_key":{"type":"string","description_kind":"plain","computed":true},"host_attribute_value":{"type":"string","description_kind":"plain","computed":true},"host_gateway_monitor":{"type":"string","description_kind":"plain","computed":true},"http_rum_console_log":{"type":"string","description_kind":"plain","computed":true},"http_rum_min_content_length":{"type":"string","description_kind":"plain","computed":true},"hypervisor":{"type":"string","description_kind":"plain","computed":true},"id":{"type":"string","description_kind":"plain","optional":true,"computed":true},"ignore_rtt_threshold":{"type":"string","description_kind":"plain","computed":true},"ingress_access_data":{"type":"string","description_kind":"plain","computed":true},"ingress_access_mgmt":{"type":"string","description_kind":"plain","computed":true},"instance_flavor":{"type":"string","description_kind":"plain","computed":true},"instance_flavor_info":{"type":["set",["object",{"cost":"string","disk_gb":"string","enhanced_nw":"string","id":"string","is_recommended":"string","max_ip6s_per_nic":"string","max_ips_per_nic":"string","max_nics":"string","meta":["list",["object",{"key":"string","value":"string"}]],"name":"string","public":"string","ram_mb":"string","vcpus":"string"}]],"description_kind":"plain","computed":true},"iptables":{"type":["list",["object",{"chain":"string","rules":["list",["object",{"action":"string","dnat_ip":["set",["object",{"addr":"string","type":"string"}]],"dst_ip":["set",["object",{"ip_addr":["set",["object",{"addr":"string","type":"string"}]],"mask":"string"}]],"dst_port":["set",["object",{"end":"string","start":"string"}]],"input_interface":"string","output_interface":"string","proto":"string","src_ip":["set",["object",{"ip_addr":["set",["object",{"addr":"string","type":"string"}]],"mask":"string"}]],"src_port":["set",["object",{"end":"string","start":"string"}]],"tag":"string"}]],"table":"string"}]],"description_kind":"plain","computed":true},"l7_conns_per_core":{"type":"string","description_kind":"plain","computed":true},"l7_resvd_listen_conns_per_core":{"type":"string","description_kind":"plain","computed":true},"labels":{"type":["list",["object",{"key":"string","value":"string"}]],"description_kind":"plain","computed":true},"lbaction_num_requests_to_dispatch":{"type":"string","description_kind":"plain","computed":true},"lbaction_rq_per_request_max_retries":{"type":"string","description_kind":"plain","computed":true},"least_load_core_selection":{"type":"string","description_kind":"plain","computed":true},"license_tier":{"type":"string","description_kind":"plain","computed":true},"license_type":{"type":"string","description_kind":"plain","computed":true},"log_agent_compress_logs":{"type":"string","description_kind":"plain","computed":true},"log_agent_debug_enabled":{"type":"string","description_kind":"plain","computed":true},"log_agent_file_sz_appl":{"type":"string","description_kind":"plain","computed":true},"log_agent_file_sz_conn":{"type":"string","description_kind":"plain","computed":true},"log_agent_file_sz_debug":{"type":"string","description_kind":"plain","computed":true},"log_agent_file_sz_event":{"type":"string","description_kind":"plain","computed":true},"log_agent_log_storage_min_sz":{"type":"string","description_kind":"plain","computed":true},"log_agent_max_concurrent_rsync":{"type":"string","description_kind":"plain","computed":true},"log_agent_max_storage_excess_percent":{"type":"string","description_kind":"plain","computed":true},"log_agent_max_storage_ignore_percent":{"type":"string","description_kind":"plain","computed":true},"log_agent_min_storage_per_vs":{"type":"string","description_kind":"plain","computed":true},"log_agent_sleep_interval":{"type":"string","description_kind":"plain","computed":true},"log_agent_trace_enabled":{"type":"string","description_kind":"plain","computed":true},"log_agent_unknown_vs_timer":{"type":"string","description_kind":"plain","computed":true},"log_disksz":{"type":"string","description_kind":"plain","computed":true},"log_malloc_failure":{"type":"string","description_kind":"plain","computed":true},"log_message_max_file_list_size":{"type":"string","description_kind":"plain","computed":true},"markers":{"type":["list",["object",{"key":"string","values":["list","string"]}]],"description_kind":"plain","computed":true},"max_concurrent_external_hm":{"type":"string","description_kind":"plain","computed":true},"max_cpu_usage":{"type":"string","description_kind":"plain","computed":true},"max_memory_per_mempool":{"type":"string","description_kind":"plain","computed":true},"max_num_se_dps":{"type":"string","description_kind":"plain","computed":true},"max_public_ips_per_lb":{"type":"string","description_kind":"plain","computed":true},"max_queues_per_vnic":{"type":"string","description_kind":"plain","computed":true},"max_rules_per_lb":{"type":"string","description_kind":"plain","computed":true},"max_scaleout_per_vs":{"type":"string","description_kind":"plain","computed":true},"max_se":{"type":"string","description_kind":"plain","computed":true},"max_vs_per_se":{"type":"string","description_kind":"plain","computed":true},"mem_reserve":{"type":"string","description_kind":"plain","computed":true},"memory_for_config_update":{"type":"string","description_kind":"plain","computed":true},"memory_per_se":{"type":"string","description_kind":"plain","computed":true},"mgmt_network_ref":{"type":"string","description_kind":"plain","computed":true},"mgmt_subnet":{"type":["set",["object",{"ip_addr":["set",["object",{"addr":"string","type":"string"}]],"mask":"string"}]],"description_kind":"plain","computed":true},"min_cpu_usage":{"type":"string","description_kind":"plain","computed":true},"min_scaleout_per_vs":{"type":"string","description_kind":"plain","computed":true},"min_se":{"type":"string","description_kind":"plain","computed":true},"minimum_connection_memory":{"type":"string","description_kind":"plain","computed":true},"n_log_streaming_threads":{"type":"string","description_kind":"plain","computed":true},"name":{"type":"string","description_kind":"plain","optional":true,"computed":true},"netlink_poller_threads":{"type":"string","description_kind":"plain","computed":true},"netlink_sock_buf_size":{"type":"string","description_kind":"plain","computed":true},"ngx_free_connection_stack":{"type":"string","description_kind":"plain","computed":true},"non_significant_log_throttle":{"type":"string","description_kind":"plain","computed":true},"ns_helper_deq_interval_msec":{"type":"string","description_kind":"plain","computed":true},"num_dispatcher_cores":{"type":"string","description_kind":"plain","computed":true},"num_flow_cores_sum_changes_to_ignore":{"type":"string","description_kind":"plain","computed":true},"objsync_config":{"type":["set",["object",{"objsync_cpu_limit":"string","objsync_hub_elect_interval":"string","objsync_reconcile_interval":"string"}]],"description_kind":"plain","computed":true},"objsync_port":{"type":"string","description_kind":"plain","computed":true},"openstack_availability_zones":{"type":["list","string"],"description_kind":"plain","computed":true},"openstack_mgmt_network_name":{"type":"string","description_kind":"plain","computed":true},"openstack_mgmt_network_uuid":{"type":"string","description_kind":"plain","computed":true},"os_reserved_memory":{"type":"string","description_kind":"plain","computed":true},"pcap_tx_mode":{"type":"string","description_kind":"plain","computed":true},"pcap_tx_ring_rd_balancing_factor":{"type":"string","description_kind":"plain","computed":true},"per_app":{"type":"string","description_kind":"plain","computed":true},"per_vs_admission_control":{"type":"string","description_kind":"plain","computed":true},"placement_mode":{"type":"string","description_kind":"plain","computed":true},"realtime_se_metrics":{"type":["set",["object",{"duration":"string","enabled":"string"}]],"description_kind":"plain","computed":true},"reboot_on_panic":{"type":"string","description_kind":"plain","computed":true},"resync_time_interval":{"type":"string","description_kind":"plain","computed":true},"sdb_flush_interval":{"type":"string","description_kind":"plain","computed":true},"sdb_pipeline_size":{"type":"string","description_kind":"plain","computed":true},"sdb_scan_count":{"type":"string","description_kind":"plain","computed":true},"se_bandwidth_type":{"type":"string","description_kind":"plain","computed":true},"se_delayed_flow_delete":{"type":"string","description_kind":"plain","computed":true},"se_deprovision_delay":{"type":"string","description_kind":"plain","computed":true},"se_dos_profile":{"type":["set",["object",{"thresh_info":["list",["object",{"attack":"string","max_value":"string","min_value":"string"}]],"thresh_period":"string"}]],"description_kind":"plain","computed":true},"se_dp_hm_drops":{"type":"string","description_kind":"plain","computed":true},"se_dp_isolation":{"type":"string","description_kind":"plain","computed":true},"se_dp_isolation_num_non_dp_cpus":{"type":"string","description_kind":"plain","computed":true},"se_dp_log_nf_enqueue_percent":{"type":"string","description_kind":"plain","computed":true},"se_dp_log_udf_enqueue_percent":{"type":"string","description_kind":"plain","computed":true},"se_dp_max_hb_version":{"type":"string","description_kind":"plain","computed":true},"se_dp_vnic_queue_stall_event_sleep":{"type":"string","description_kind":"plain","computed":true},"se_dp_vnic_queue_stall_threshold":{"type":"string","description_kind":"plain","computed":true},"se_dp_vnic_queue_stall_timeout":{"type":"string","description_kind":"plain","computed":true},"se_dp_vnic_restart_on_queue_stall_count":{"type":"string","description_kind":"plain","computed":true},"se_dp_vnic_stall_se_restart_window":{"type":"string","description_kind":"plain","computed":true},"se_dpdk_pmd":{"type":"string","description_kind":"plain","computed":true},"se_flow_probe_retries":{"type":"string","description_kind":"plain","computed":true},"se_flow_probe_retry_timer":{"type":"string","description_kind":"plain","computed":true},"se_group_analytics_policy":{"type":["set",["object",{"metrics_event_thresholds":["list",["object",{"metrics_event_threshold_type":"string","reset_threshold":"string","watermark_thresholds":["list","number"]}]]}]],"description_kind":"plain","computed":true},"se_hyperthreaded_mode":{"type":"string","description_kind":"plain","computed":true},"se_ip_encap_ipc":{"type":"string","description_kind":"plain","computed":true},"se_kni_burst_factor":{"type":"string","description_kind":"plain","computed":true},"se_l3_encap_ipc":{"type":"string","description_kind":"plain","computed":true},"se_log_buffer_app_blocking_dequeue":{"type":"string","description_kind":"plain","computed":true},"se_log_buffer_conn_blocking_dequeue":{"type":"string","description_kind":"plain","computed":true},"se_log_buffer_events_blocking_dequeue":{"type":"string","description_kind":"plain","computed":true},"se_lro":{"type":"string","description_kind":"plain","computed":true},"se_mp_ring_retry_count":{"type":"string","description_kind":"plain","computed":true},"se_mtu":{"type":"string","description_kind":"plain","computed":true},"se_name_prefix":{"type":"string","description_kind":"plain","computed":true},"se_pcap_lookahead":{"type":"string","description_kind":"plain","computed":true},"se_pcap_pkt_count":{"type":"string","description_kind":"plain","computed":true},"se_pcap_pkt_sz":{"type":"string","description_kind":"plain","computed":true},"se_pcap_qdisc_bypass":{"type":"string","description_kind":"plain","computed":true},"se_pcap_reinit_frequency":{"type":"string","description_kind":"plain","computed":true},"se_pcap_reinit_threshold":{"type":"string","description_kind":"plain","computed":true},"se_probe_port":{"type":"string","description_kind":"plain","computed":true},"se_rl_prop":{"type":["set",["object",{"msf_num_stages":"string","msf_stage_size":"string"}]],"description_kind":"plain","computed":true},"se_rum_sampling_nav_interval":{"type":"string","description_kind":"plain","computed":true},"se_rum_sampling_nav_percent":{"type":"string","description_kind":"plain","computed":true},"se_rum_sampling_res_interval":{"type":"string","description_kind":"plain","computed":true},"se_rum_sampling_res_percent":{"type":"string","description_kind":"plain","computed":true},"se_sb_dedicated_core":{"type":"string","description_kind":"plain","computed":true},"se_sb_threads":{"type":"string","description_kind":"plain","computed":true},"se_thread_multiplier":{"type":"string","description_kind":"plain","computed":true},"se_tracert_port_range":{"type":["set",["object",{"end":"string","start":"string"}]],"description_kind":"plain","computed":true},"se_tunnel_mode":{"type":"string","description_kind":"plain","computed":true},"se_tunnel_udp_port":{"type":"string","description_kind":"plain","computed":true},"se_tx_batch_size":{"type":"string","description_kind":"plain","computed":true},"se_txq_threshold":{"type":"string","description_kind":"plain","computed":true},"se_udp_encap_ipc":{"type":"string","description_kind":"plain","computed":true},"se_use_dpdk":{"type":"string","description_kind":"plain","computed":true},"se_vnic_tx_sw_queue_flush_frequency":{"type":"string","description_kind":"plain","computed":true},"se_vnic_tx_sw_queue_size":{"type":"string","description_kind":"plain","computed":true},"se_vs_hb_max_pkts_in_batch":{"type":"string","description_kind":"plain","computed":true},"se_vs_hb_max_vs_in_pkt":{"type":"string","description_kind":"plain","computed":true},"self_se_election":{"type":"string","description_kind":"plain","computed":true},"send_se_ready_timeout":{"type":"string","description_kind":"plain","computed":true},"service_ip6_subnets":{"type":["list",["object",{"ip_addr":["set",["object",{"addr":"string","type":"string"}]],"mask":"string"}]],"description_kind":"plain","computed":true},"service_ip_subnets":{"type":["list",["object",{"ip_addr":["set",["object",{"addr":"string","type":"string"}]],"mask":"string"}]],"description_kind":"plain","computed":true},"shm_minimum_config_memory":{"type":"string","description_kind":"plain","computed":true},"significant_log_throttle":{"type":"string","description_kind":"plain","computed":true},"ssl_preprocess_sni_hostname":{"type":"string","description_kind":"plain","computed":true},"ssl_sess_cache_per_vs":{"type":"string","description_kind":"plain","computed":true},"tenant_ref":{"type":"string","description_kind":"plain","optional":true,"computed":true},"transient_shared_memory_max":{"type":"string","description_kind":"plain","computed":true},"udf_log_throttle":{"type":"string","description_kind":"plain","computed":true},"upstream_connect_timeout":{"type":"string","description_kind":"plain","computed":true},"upstream_connpool_enable":{"type":"string","description_kind":"plain","computed":true},"upstream_read_timeout":{"type":"string","description_kind":"plain","computed":true},"upstream_send_timeout":{"type":"string","description_kind":"plain","computed":true},"use_hyperthreaded_cores":{"type":"string","description_kind":"plain","computed":true},"use_legacy_netlink":{"type":"string","description_kind":"plain","computed":true},"use_objsync":{"type":"string","description_kind":"plain","computed":true},"use_standard_alb":{"type":"string","description_kind":"plain","computed":true},"user_agent_cache_config":{"type":["set",["object",{"batch_size":"string","controller_cache_size":"string","max_upstream_queries":"string","max_wait_time":"string","num_entries_upstream_update":"string","percent_reserved_for_bad_bots":"string","percent_reserved_for_browsers":"string","percent_reserved_for_good_bots":"string","percent_reserved_for_outstanding":"string","se_cache_size":"string","upstream_update_interval":"string"}]],"description_kind":"plain","computed":true},"user_defined_metric_age":{"type":"string","description_kind":"plain","computed":true},"uuid":{"type":"string","description_kind":"plain","optional":true,"computed":true},"vcenter_clusters":{"type":["set",["object",{"cluster_refs":["list","string"],"include":"string"}]],"description_kind":"plain","computed":true},"vcenter_datastore_mode":{"type":"string","description_kind":"plain","computed":true},"vcenter_datastores":{"type":["list",["object",{"datastore_name":"string"}]],"description_kind":"plain","computed":true},"vcenter_datastores_include":{"type":"string","description_kind":"plain","computed":true},"vcenter_folder":{"type":"string","description_kind":"plain","computed":true},"vcenter_hosts":{"type":["set",["object",{"host_refs":["list","string"],"include":"string"}]],"description_kind":"plain","computed":true},"vcenters":{"type":["list",["object",{"nsxt_clusters":["set",["object",{"cluster_ids":["list","string"],"include":"string"}]],"nsxt_datastores":["set",["object",{"ds_ids":["list","string"],"include":"string"}]],"nsxt_hosts":["set",["object",{"host_ids":["list","string"],"include":"string"}]],"vcenter_folder":"string","vcenter_ref":"string"}]],"description_kind":"plain","computed":true},"vcpus_per_se":{"type":"string","description_kind":"plain","computed":true},"vip_asg":{"type":["set",["object",{"configuration":["set",["object",{"zones":["list",["object",{"subnet_uuid":"string"}]]}]],"policy":["set",["object",{"dns_cooldown":"string","max_size":"string","min_size":"string","suspend":"string"}]]}]],"description_kind":"plain","computed":true},"vnic_dhcp_ip_check_interval":{"type":"string","description_kind":"plain","computed":true},"vnic_dhcp_ip_max_retries":{"type":"string","description_kind":"plain","computed":true},"vnic_ip_delete_interval":{"type":"string","description_kind":"plain","computed":true},"vnic_probe_interval":{"type":"string","description_kind":"plain","computed":true},"vnic_rpc_retry_interval":{"type":"string","description_kind":"plain","computed":true},"vnicdb_cmd_history_size":{"type":"string","description_kind":"plain","computed":true},"vs_host_redundancy":{"type":"string","description_kind":"plain","computed":true},"vs_scalein_timeout":{"type":"string","description_kind":"plain","computed":true},"vs_scalein_timeout_for_upgrade":{"type":"string","description_kind":"plain","computed":true},"vs_scaleout_timeout":{"type":"string","description_kind":"plain","computed":true},"vs_se_scaleout_additional_wait_time":{"type":"string","description_kind":"plain","computed":true},"vs_se_scaleout_ready_timeout":{"type":"string","description_kind":"plain","computed":true},"vs_switchover_timeout":{"type":"string","description_kind":"plain","computed":true},"vss_placement":{"type":["set",["object",{"core_nonaffinity":"string","num_subcores":"string"}]],"description_kind":"plain","computed":true},"vss_placement_enabled":{"type":"string","description_kind":"plain","computed":true},"waf_mempool":{"type":"string","description_kind":"plain","computed":true},"waf_mempool_size":{"type":"string","description_kind":"plain","computed":true}},"description_kind":"plain"}},"avi_siteversion":{"version":0,"block":{"attributes":{"datetime":{"type":"string","description_kind":"plain","computed":true},"id":{"type":"string","description_kind":"plain","optional":true,"computed":true},"name":{"type":"string","description_kind":"plain","optional":true,"computed":true},"prev_target_version":{"type":"string","description_kind":"plain","computed":true},"replication_state":{"type":"string","description_kind":"plain","computed":true},"site_id":{"type":"string","description_kind":"plain","computed":true},"target_timeline":{"type":"string","description_kind":"plain","computed":true},"target_version":{"type":"string","description_kind":"plain","computed":true},"tenant_ref":{"type":"string","description_kind":"plain","optional":true,"computed":true},"timeline":{"type":"string","description_kind":"plain","computed":true},"uuid":{"type":"string","description_kind":"plain","optional":true,"computed":true},"version":{"type":"string","description_kind":"plain","computed":true},"version_type":{"type":"string","description_kind":"plain","computed":true}},"description_kind":"plain"}},"avi_snmptrapprofile":{"version":0,"block":{"attributes":{"configpb_attributes":{"type":["set",["object",{"version":"string"}]],"description_kind":"plain","computed":true},"id":{"type":"string","description_kind":"plain","optional":true,"computed":true},"name":{"type":"string","description_kind":"plain","optional":true,"computed":true},"tenant_ref":{"type":"string","description_kind":"plain","optional":true,"computed":true},"trap_servers":{"type":["list",["object",{"community":"string","ip_addr":["set",["object",{"addr":"string","type":"string"}]],"port":"string","user":["set",["object",{"auth_passphrase":"string","auth_type":"string","priv_passphrase":"string","priv_type":"string","username":"string"}]],"version":"string"}]],"description_kind":"plain","computed":true},"uuid":{"type":"string","description_kind":"plain","optional":true,"computed":true}},"description_kind":"plain"}},"avi_sslkeyandcertificate":{"version":0,"block":{"attributes":{"ca_certs":{"type":["list",["object",{"ca_ref":"string","name":"string"}]],"description_kind":"plain","computed":true},"certificate":{"type":["set",["object",{"certificate":"string","certificate_signing_request":"string","chain_verified":"string","days_until_expire":"string","expiry_status":"string","fingerprint":"string","issuer":["set",["object",{"common_name":"string","country":"string","distinguished_name":"string","email_address":"string","locality":"string","organization":"string","organization_unit":"string","state":"string"}]],"key_params":["set",["object",{"algorithm":"string","ec_params":["set",["object",{"curve":"string"}]],"rsa_params":["set",["object",{"exponent":"string","key_size":"string"}]]}]],"not_after":"string","not_before":"string","public_key":"string","self_signed":"string","serial_number":"string","signature":"string","signature_algorithm":"string","subject":["set",["object",{"common_name":"string","country":"string","distinguished_name":"string","email_address":"string","locality":"string","organization":"string","organization_unit":"string","state":"string"}]],"subject_alt_names":["list","string"],"text":"string","version":"string"}]],"description_kind":"plain","computed":true},"certificate_base64":{"type":"string","description_kind":"plain","computed":true},"certificate_management_profile_ref":{"type":"string","description_kind":"plain","computed":true},"configpb_attributes":{"type":["set",["object",{"version":"string"}]],"description_kind":"plain","computed":true},"created_by":{"type":"string","description_kind":"plain","computed":true},"dynamic_params":{"type":["list",["object",{"is_dynamic":"string","is_sensitive":"string","name":"string","value":"string"}]],"description_kind":"plain","computed":true},"enable_ocsp_stapling":{"type":"string","description_kind":"plain","computed":true},"enckey_base64":{"type":"string","description_kind":"plain","computed":true},"enckey_name":{"type":"string","description_kind":"plain","computed":true},"format":{"type":"string","description_kind":"plain","computed":true},"hardwaresecuritymodulegroup_ref":{"type":"string","description_kind":"plain","computed":true},"id":{"type":"string","description_kind":"plain","optional":true,"computed":true},"key":{"type":"string","description_kind":"plain","computed":true},"key_base64":{"type":"string","description_kind":"plain","computed":true},"key_params":{"type":["set",["object",{"algorithm":"string","ec_params":["set",["object",{"curve":"string"}]],"rsa_params":["set",["object",{"exponent":"string","key_size":"string"}]]}]],"description_kind":"plain","computed":true},"key_passphrase":{"type":"string","description_kind":"plain","computed":true},"markers":{"type":["list",["object",{"key":"string","values":["list","string"]}]],"description_kind":"plain","computed":true},"name":{"type":"string","description_kind":"plain","optional":true,"computed":true},"ocsp_config":{"type":["set",["object",{"failed_ocsp_jobs_retry_interval":"string","max_tries":"string","ocsp_req_interval":"string","ocsp_resp_timeout":"string","responder_url_lists":["list","string"],"url_action":"string"}]],"description_kind":"plain","computed":true},"status":{"type":"string","description_kind":"plain","computed":true},"tenant_ref":{"type":"string","description_kind":"plain","optional":true,"computed":true},"type":{"type":"string","description_kind":"plain","computed":true},"uuid":{"type":"string","description_kind":"plain","optional":true,"computed":true}},"description_kind":"plain"}},"avi_sslprofile":{"version":0,"block":{"attributes":{"accepted_ciphers":{"type":"string","description_kind":"plain","computed":true},"accepted_versions":{"type":["list",["object",{"type":"string"}]],"description_kind":"plain","computed":true},"cipher_enums":{"type":["list","string"],"description_kind":"plain","computed":true},"ciphersuites":{"type":"string","description_kind":"plain","computed":true},"configpb_attributes":{"type":["set",["object",{"version":"string"}]],"description_kind":"plain","computed":true},"description":{"type":"string","description_kind":"plain","computed":true},"dhparam":{"type":"string","description_kind":"plain","computed":true},"ec_named_curve":{"type":"string","description_kind":"plain","computed":true},"enable_early_data":{"type":"string","description_kind":"plain","computed":true},"enable_ssl_session_reuse":{"type":"string","description_kind":"plain","computed":true},"id":{"type":"string","description_kind":"plain","optional":true,"computed":true},"markers":{"type":["list",["object",{"key":"string","values":["list","string"]}]],"description_kind":"plain","computed":true},"name":{"type":"string","description_kind":"plain","optional":true,"computed":true},"prefer_client_cipher_ordering":{"type":"string","description_kind":"plain","computed":true},"send_close_notify":{"type":"string","description_kind":"plain","computed":true},"signature_algorithm":{"type":"string","description_kind":"plain","computed":true},"ssl_rating":{"type":["set",["object",{"compatibility_rating":"string","performance_rating":"string","security_score":"string"}]],"description_kind":"plain","computed":true},"ssl_session_timeout":{"type":"string","description_kind":"plain","computed":true},"tags":{"type":["list",["object",{"type":"string","value":"string"}]],"description_kind":"plain","computed":true},"tenant_ref":{"type":"string","description_kind":"plain","optional":true,"computed":true},"type":{"type":"string","description_kind":"plain","computed":true},"uuid":{"type":"string","description_kind":"plain","optional":true,"computed":true}},"description_kind":"plain"}},"avi_ssopolicy":{"version":0,"block":{"attributes":{"authentication_policy":{"type":["set",["object",{"authn_rules":["list",["object",{"action":["set",["object",{"type":"string"}]],"enable":"string","index":"string","match":["set",["object",{"client_ip":["set",["object",{"addrs":["list",["object",{"addr":"string","type":"string"}]],"group_refs":["list","string"],"match_criteria":"string","prefixes":["list",["object",{"ip_addr":["set",["object",{"addr":"string","type":"string"}]],"mask":"string"}]],"ranges":["list",["object",{"begin":["set",["object",{"addr":"string","type":"string"}]],"end":["set",["object",{"addr":"string","type":"string"}]]}]]}]],"host_hdr":["set",["object",{"match_case":"string","match_criteria":"string","value":["list","string"]}]],"path":["set",["object",{"match_case":"string","match_criteria":"string","match_str":["list","string"],"string_group_refs":["list","string"]}]]}]],"name":"string"}]],"default_auth_profile_ref":"string"}]],"description_kind":"plain","computed":true},"authorization_policy":{"type":["set",["object",{"authz_rules":["list",["object",{"action":["set",["object",{"status_code":"string","type":"string"}]],"enable":"string","index":"string","match":["set",["object",{"access_token":["set",["object",{"matches":["list",["object",{"bool_match":"string","int_match":"string","is_mandatory":"string","name":"string","string_match":["set",["object",{"match_criteria":"string","match_str":["list","string"],"string_group_refs":["list","string"]}]],"type":"string","validate":"string"}]],"token_name":"string"}]],"attr_matches":["list",["object",{"attribute_name":"string","attribute_value_list":["set",["object",{"match_criteria":"string","match_str":["list","string"],"string_group_refs":["list","string"]}]]}]],"host_hdr":["set",["object",{"match_case":"string","match_criteria":"string","value":["list","string"]}]],"method":["set",["object",{"match_criteria":"string","methods":["list","string"]}]],"path":["set",["object",{"match_case":"string","match_criteria":"string","match_str":["list","string"],"string_group_refs":["list","string"]}]]}]],"name":"string"}]]}]],"description_kind":"plain","computed":true},"configpb_attributes":{"type":["set",["object",{"version":"string"}]],"description_kind":"plain","computed":true},"id":{"type":"string","description_kind":"plain","optional":true,"computed":true},"markers":{"type":["list",["object",{"key":"string","values":["list","string"]}]],"description_kind":"plain","computed":true},"name":{"type":"string","description_kind":"plain","optional":true,"computed":true},"tenant_ref":{"type":"string","description_kind":"plain","optional":true,"computed":true},"type":{"type":"string","description_kind":"plain","computed":true},"uuid":{"type":"string","description_kind":"plain","optional":true,"computed":true}},"description_kind":"plain"}},"avi_stringgroup":{"version":0,"block":{"attributes":{"configpb_attributes":{"type":["set",["object",{"version":"string"}]],"description_kind":"plain","computed":true},"description":{"type":"string","description_kind":"plain","computed":true},"id":{"type":"string","description_kind":"plain","optional":true,"computed":true},"kv":{"type":["list",["object",{"key":"string","value":"string"}]],"description_kind":"plain","computed":true},"longest_match":{"type":"string","description_kind":"plain","computed":true},"markers":{"type":["list",["object",{"key":"string","values":["list","string"]}]],"description_kind":"plain","computed":true},"name":{"type":"string","description_kind":"plain","optional":true,"computed":true},"tenant_ref":{"type":"string","description_kind":"plain","optional":true,"computed":true},"type":{"type":"string","description_kind":"plain","computed":true},"uuid":{"type":"string","description_kind":"plain","optional":true,"computed":true}},"description_kind":"plain"}},"avi_systemconfiguration":{"version":0,"block":{"attributes":{"admin_auth_configuration":{"type":["set",["object",{"allow_local_user_login":"string","alternate_auth_configurations":["list",["object",{"auth_profile_ref":"string","index":"string","mapping_rules":["list",["object",{"assign_policy":"string","assign_role":"string","assign_tenant":"string","assign_userprofile":"string","attribute_match":["set",["object",{"criteria":"string","name":"string","values":["list","string"]}]],"group_match":["set",["object",{"criteria":"string","groups":["list","string"]}]],"index":"string","is_superuser":"string","policy_attribute_name":"string","role_attribute_name":"string","role_refs":["list","string"],"tenant_attribute_name":"string","tenant_refs":["list","string"],"userprofile_attribute_name":"string","userprofile_ref":"string"}]]}]],"auth_profile_ref":"string","mapping_rules":["list",["object",{"assign_policy":"string","assign_role":"string","assign_tenant":"string","assign_userprofile":"string","attribute_match":["set",["object",{"criteria":"string","name":"string","values":["list","string"]}]],"group_match":["set",["object",{"criteria":"string","groups":["list","string"]}]],"index":"string","is_superuser":"string","policy_attribute_name":"string","role_attribute_name":"string","role_refs":["list","string"],"tenant_attribute_name":"string","tenant_refs":["list","string"],"userprofile_attribute_name":"string","userprofile_ref":"string"}]]}]],"description_kind":"plain","computed":true},"common_criteria_mode":{"type":"string","description_kind":"plain","computed":true},"configpb_attributes":{"type":["set",["object",{"version":"string"}]],"description_kind":"plain","computed":true},"default_license_tier":{"type":"string","description_kind":"plain","computed":true},"dns_configuration":{"type":["set",["object",{"search_domain":"string","server_list":["list",["object",{"addr":"string","type":"string"}]]}]],"description_kind":"plain","computed":true},"dns_virtualservice_refs":{"type":["list","string"],"description_kind":"plain","computed":true},"docker_mode":{"type":"string","description_kind":"plain","computed":true},"email_configuration":{"type":["set",["object",{"auth_password":"string","auth_username":"string","disable_tls":"string","email_timezone":"string","from_email":"string","mail_server_name":"string","mail_server_port":"string","smtp_type":"string"}]],"description_kind":"plain","computed":true},"enable_cors":{"type":"string","description_kind":"plain","computed":true},"fips_mode":{"type":"string","description_kind":"plain","computed":true},"global_tenant_config":{"type":["set",["object",{"se_in_provider_context":"string","tenant_access_to_provider_se":"string","tenant_vrf":"string"}]],"description_kind":"plain","computed":true},"id":{"type":"string","description_kind":"plain","optional":true,"computed":true},"linux_configuration":{"type":["set",["object",{"banner":"string","cis_mode":"string","motd":"string"}]],"description_kind":"plain","computed":true},"mgmt_ip_access_control":{"type":["set",["object",{"api_access":["set",["object",{"addrs":["list",["object",{"addr":"string","type":"string"}]],"group_refs":["list","string"],"match_criteria":"string","prefixes":["list",["object",{"ip_addr":["set",["object",{"addr":"string","type":"string"}]],"mask":"string"}]],"ranges":["list",["object",{"begin":["set",["object",{"addr":"string","type":"string"}]],"end":["set",["object",{"addr":"string","type":"string"}]]}]]}]],"shell_server_access":["set",["object",{"addrs":["list",["object",{"addr":"string","type":"string"}]],"group_refs":["list","string"],"match_criteria":"string","prefixes":["list",["object",{"ip_addr":["set",["object",{"addr":"string","type":"string"}]],"mask":"string"}]],"ranges":["list",["object",{"begin":["set",["object",{"addr":"string","type":"string"}]],"end":["set",["object",{"addr":"string","type":"string"}]]}]]}]],"snmp_access":["set",["object",{"addrs":["list",["object",{"addr":"string","type":"string"}]],"group_refs":["list","string"],"match_criteria":"string","prefixes":["list",["object",{"ip_addr":["set",["object",{"addr":"string","type":"string"}]],"mask":"string"}]],"ranges":["list",["object",{"begin":["set",["object",{"addr":"string","type":"string"}]],"end":["set",["object",{"addr":"string","type":"string"}]]}]]}]],"ssh_access":["set",["object",{"addrs":["list",["object",{"addr":"string","type":"string"}]],"group_refs":["list","string"],"match_criteria":"string","prefixes":["list",["object",{"ip_addr":["set",["object",{"addr":"string","type":"string"}]],"mask":"string"}]],"ranges":["list",["object",{"begin":["set",["object",{"addr":"string","type":"string"}]],"end":["set",["object",{"addr":"string","type":"string"}]]}]]}]],"sysint_access":["set",["object",{"addrs":["list",["object",{"addr":"string","type":"string"}]],"group_refs":["list","string"],"match_criteria":"string","prefixes":["list",["object",{"ip_addr":["set",["object",{"addr":"string","type":"string"}]],"mask":"string"}]],"ranges":["list",["object",{"begin":["set",["object",{"addr":"string","type":"string"}]],"end":["set",["object",{"addr":"string","type":"string"}]]}]]}]]}]],"description_kind":"plain","computed":true},"ntp_configuration":{"type":["set",["object",{"ntp_authentication_keys":["list",["object",{"algorithm":"string","key":"string","key_number":"string"}]],"ntp_server_list":["list",["object",{"addr":"string","type":"string"}]],"ntp_servers":["list",["object",{"key_number":"string","server":["set",["object",{"addr":"string","type":"string"}]]}]]}]],"description_kind":"plain","computed":true},"portal_configuration":{"type":["set",["object",{"allow_basic_authentication":"string","api_force_timeout":"string","disable_remote_cli_shell":"string","disable_swagger":"string","enable_clickjacking_protection":"string","enable_http":"string","enable_https":"string","http_port":"string","https_port":"string","minimum_password_length":"string","password_strength_check":"string","redirect_to_https":"string","sslkeyandcertificate_refs":["list","string"],"sslprofile_ref":"string","use_uuid_from_input":"string"}]],"description_kind":"plain","computed":true},"proxy_configuration":{"type":["set",["object",{"host":"string","password":"string","port":"string","username":"string"}]],"description_kind":"plain","computed":true},"secure_channel_configuration":{"type":["set",["object",{"sslkeyandcertificate_refs":["list","string"]}]],"description_kind":"plain","computed":true},"snmp_configuration":{"type":["set",["object",{"community":"string","large_trap_payload":"string","snmp_v3_config":["set",["object",{"engine_id":"string","user":["set",["object",{"auth_passphrase":"string","auth_type":"string","priv_passphrase":"string","priv_type":"string","username":"string"}]]}]],"sys_contact":"string","sys_location":"string","version":"string"}]],"description_kind":"plain","computed":true},"ssh_ciphers":{"type":["list","string"],"description_kind":"plain","computed":true},"ssh_hmacs":{"type":["list","string"],"description_kind":"plain","computed":true},"uuid":{"type":"string","description_kind":"plain","optional":true,"computed":true},"welcome_workflow_complete":{"type":"string","description_kind":"plain","computed":true}},"description_kind":"plain"}},"avi_systemlimits":{"version":0,"block":{"attributes":{"configpb_attributes":{"type":["set",["object",{"version":"string"}]],"description_kind":"plain","computed":true},"controller_limits":{"type":["set",["object",{"certificates_per_virtualservice":"string","controller_cloud_limits":["list",["object",{"num_clouds":"string","type":"string"}]],"controller_sizing_limits":["list",["object",{"controller_sizing_cloud_limits":["list",["object",{"num_clouds":"string","type":"string"}]],"flavor":"string","num_clouds":"string","num_east_west_virtualservices":"string","num_servers":"string","num_serviceengines":"string","num_tenants":"string","num_virtualservices":"string","num_virtualservices_rt_metrics":"string","num_vrfs":"string"}]],"default_routes_per_vrfcontext":"string","gateway_mon_per_vrf":"string","ips_per_ipgroup":"string","l7_limits":["set",["object",{"http_policies_per_vs":"string","num_compression_filters":"string","num_custom_str":"string","num_matches_per_rule":"string","num_rules_per_http_policy":"string","num_strgroups_per_match":"string","str_cache_mime":"string","str_groups_cache_mime":"string","str_groups_no_cache_mime":"string","str_groups_no_cache_uri":"string","str_no_cache_mime":"string","str_no_cache_uri":"string"}]],"poolgroups_per_virtualservice":"string","pools_per_poolgroup":"string","pools_per_virtualservice":"string","routes_per_vrfcontext":"string","rules_per_networksecuritypolicy":"string","servers_per_pool":"string","sni_children_per_parent":"string","strings_per_stringgroup":"string","vs_bgp_scaleout":"string","vs_l2_scaleout":"string"}]],"description_kind":"plain","computed":true},"controller_sizes":{"type":["list",["object",{"flavor":"string","min_cpus":"string","min_memory":"string"}]],"description_kind":"plain","computed":true},"id":{"type":"string","description_kind":"plain","optional":true,"computed":true},"serviceengine_limits":{"type":["set",["object",{"all_virtualservices_per_serviceengine":"string","ew_virtualservices_per_serviceengine":"string","ns_virtualservices_per_serviceengine":"string","num_logical_intf_per_se":"string","num_phy_intf_per_se":"string","num_virtualservices_rt_metrics":"string","num_vlan_intf_per_phy_intf":"string","num_vlan_intf_per_se":"string","serviceengine_cloud_limits":["list",["object",{"type":"string","vrfs_per_serviceengine":"string"}]]}]],"description_kind":"plain","computed":true},"uuid":{"type":"string","description_kind":"plain","optional":true,"computed":true}},"description_kind":"plain"}},"avi_tenant":{"version":0,"block":{"attributes":{"config_settings":{"type":["set",["object",{"se_in_provider_context":"string","tenant_access_to_provider_se":"string","tenant_vrf":"string"}]],"description_kind":"plain","computed":true},"configpb_attributes":{"type":["set",["object",{"version":"string"}]],"description_kind":"plain","computed":true},"created_by":{"type":"string","description_kind":"plain","computed":true},"description":{"type":"string","description_kind":"plain","computed":true},"enforce_label_group":{"type":"string","description_kind":"plain","computed":true},"id":{"type":"string","description_kind":"plain","optional":true,"computed":true},"label_group_refs":{"type":["list","string"],"description_kind":"plain","computed":true},"local":{"type":"string","description_kind":"plain","computed":true},"name":{"type":"string","description_kind":"plain","optional":true,"computed":true},"uuid":{"type":"string","description_kind":"plain","optional":true,"computed":true}},"description_kind":"plain"}},"avi_testsedatastorelevel1":{"version":0,"block":{"attributes":{"configpb_attributes":{"type":["set",["object",{"version":"string"}]],"description_kind":"plain","computed":true},"id":{"type":"string","description_kind":"plain","optional":true,"computed":true},"name":{"type":"string","description_kind":"plain","optional":true,"computed":true},"tenant_ref":{"type":"string","description_kind":"plain","optional":true,"computed":true},"test_se_datastore_level_2_ref":{"type":"string","description_kind":"plain","computed":true},"uuid":{"type":"string","description_kind":"plain","optional":true,"computed":true}},"description_kind":"plain"}},"avi_testsedatastorelevel2":{"version":0,"block":{"attributes":{"configpb_attributes":{"type":["set",["object",{"version":"string"}]],"description_kind":"plain","computed":true},"id":{"type":"string","description_kind":"plain","optional":true,"computed":true},"name":{"type":"string","description_kind":"plain","optional":true,"computed":true},"tenant_ref":{"type":"string","description_kind":"plain","optional":true,"computed":true},"test_se_datastore_level_3_refs":{"type":["list","string"],"description_kind":"plain","computed":true},"uuid":{"type":"string","description_kind":"plain","optional":true,"computed":true}},"description_kind":"plain"}},"avi_testsedatastorelevel3":{"version":0,"block":{"attributes":{"configpb_attributes":{"type":["set",["object",{"version":"string"}]],"description_kind":"plain","computed":true},"id":{"type":"string","description_kind":"plain","optional":true,"computed":true},"name":{"type":"string","description_kind":"plain","optional":true,"computed":true},"tenant_ref":{"type":"string","description_kind":"plain","optional":true,"computed":true},"uuid":{"type":"string","description_kind":"plain","optional":true,"computed":true}},"description_kind":"plain"}},"avi_trafficcloneprofile":{"version":0,"block":{"attributes":{"clone_servers":{"type":["list",["object",{"ip_address":["set",["object",{"addr":"string","type":"string"}]],"mac":"string","network_ref":"string","subnet":["set",["object",{"ip_addr":["set",["object",{"addr":"string","type":"string"}]],"mask":"string"}]]}]],"description_kind":"plain","computed":true},"cloud_ref":{"type":"string","description_kind":"plain","optional":true,"computed":true},"configpb_attributes":{"type":["set",["object",{"version":"string"}]],"description_kind":"plain","computed":true},"id":{"type":"string","description_kind":"plain","optional":true,"computed":true},"markers":{"type":["list",["object",{"key":"string","values":["list","string"]}]],"description_kind":"plain","computed":true},"name":{"type":"string","description_kind":"plain","optional":true,"computed":true},"preserve_client_ip":{"type":"string","description_kind":"plain","computed":true},"tenant_ref":{"type":"string","description_kind":"plain","optional":true,"computed":true},"uuid":{"type":"string","description_kind":"plain","optional":true,"computed":true}},"description_kind":"plain"}},"avi_upgradestatusinfo":{"version":0,"block":{"attributes":{"after_reboot_rollback_fnc":{"type":"string","description_kind":"plain","computed":true},"after_reboot_task_name":{"type":"string","description_kind":"plain","computed":true},"clean":{"type":"string","description_kind":"plain","computed":true},"duration":{"type":"string","description_kind":"plain","computed":true},"enable_patch_rollback":{"type":"string","description_kind":"plain","computed":true},"enable_rollback":{"type":"string","description_kind":"plain","computed":true},"end_time":{"type":"string","description_kind":"plain","computed":true},"enqueue_time":{"type":"string","description_kind":"plain","computed":true},"fips_mode":{"type":"string","description_kind":"plain","computed":true},"history":{"type":["list",["object",{"duration":"string","end_time":"string","ops":"string","patch_version":"string","se_upgrade_events":["list",["object",{"from_se_ref":"string","num_se":"string","num_se_group":"string","num_vs":"string","reason":["list","string"],"se_group_ha_mode":"string","se_group_ref":"string","se_ref":"string","sub_tasks":["list","string"],"task":"string","to_se_ref":"string","traffic_status":"string","vs_ref":"string"}]],"seg_status":["set",["object",{"controller_version":"string","disrupted_vs_ref":["list","string"],"duration":"string","end_time":"string","enqueue_time":"string","ha_mode":"string","in_progress":"string","notes":["list","string"],"num_se":"string","num_se_with_no_vs":"string","num_se_with_vs_not_scaledout":"string","num_se_with_vs_scaledout":"string","num_vs":"string","num_vs_disrupted":"string","progress":"string","reason":["list","string"],"request_time":"string","se_already_upgraded_at_start":["list","string"],"se_disconnected_at_start":["list","string"],"se_group_name":"string","se_group_uuid":"string","se_ip_missing_at_start":["list","string"],"se_poweredoff_at_start":["list","string"],"se_reboot_in_progress_ref":"string","se_upgrade_completed":["list","string"],"se_upgrade_errors":["list",["object",{"from_se_ref":"string","num_se":"string","num_se_group":"string","num_vs":"string","reason":["list","string"],"se_group_ha_mode":"string","se_group_ref":"string","se_ref":"string","sub_tasks":["list","string"],"task":"string","to_se_ref":"string","traffic_status":"string","vs_ref":"string"}]],"se_upgrade_failed":["list","string"],"se_upgrade_in_progress":["list","string"],"se_upgrade_not_started":["list","string"],"se_upgrade_skip_suspended":["list","string"],"se_upgrade_suspended":["list","string"],"se_with_no_vs":["list","string"],"se_with_vs_not_scaledout":["list","string"],"se_with_vs_scaledout":["list","string"],"start_time":"string","state":"string","tenant_ref":"string","thread":"string","traffic_status":"string","vs_errors":["list",["object",{"event_timestamp":["set",["object",{"secs":"string","usecs":"string"}]],"reason":["list","string"],"se_group_ha_mode":"string","se_group_ref":"string","se_ref":"string","tenant_ref":"string","traffic_status":"string","vip_id":"string","vs_ref":"string"}]],"vs_migrate_in_progress_ref":["list","string"],"vs_scalein_in_progress_ref":["list","string"],"vs_scaleout_in_progress_ref":["list","string"],"worker":"string"}]],"start_time":"string","state":["set",["object",{"last_changed_time":["set",["object",{"secs":"string","usecs":"string"}]],"reason":"string","rebooted":"string","state":"string"}]],"upgrade_events":["list",["object",{"nodes_events":["list",["object",{"duration":"string","end_time":"string","ip":["set",["object",{"addr":"string","type":"string"}]],"message":"string","start_time":"string","status":"string","sub_tasks":["list","string"]}]],"sub_events":["list",["object",{"duration":"string","end_time":"string","ip":["set",["object",{"addr":"string","type":"string"}]],"message":"string","start_time":"string","status":"string","sub_tasks":["list","string"]}]],"task":"string","task_name":"string"}]],"version":"string"}]],"description_kind":"plain","computed":true},"id":{"type":"string","description_kind":"plain","optional":true,"computed":true},"image_path":{"type":"string","description_kind":"plain","computed":true},"image_ref":{"type":"string","description_kind":"plain","computed":true},"name":{"type":"string","description_kind":"plain","optional":true,"computed":true},"node_type":{"type":"string","description_kind":"plain","computed":true},"obj_cloud_ref":{"type":"string","description_kind":"plain","computed":true},"params":{"type":["set",["object",{"image_ref":"string","patch_ref":"string","se_group_options":["set",["object",{"action_on_error":"string","disruptive":"string"}]],"se_group_resume_options":["set",["object",{"action_on_error":"string","disruptive":"string","skip_suspended":"string"}]]}]],"description_kind":"plain","computed":true},"patch_image_path":{"type":"string","description_kind":"plain","computed":true},"patch_image_ref":{"type":"string","description_kind":"plain","computed":true},"patch_list":{"type":["list",["object",{"patch_image_path":"string","patch_image_ref":"string","patch_version":"string"}]],"description_kind":"plain","computed":true},"patch_reboot":{"type":"string","description_kind":"plain","computed":true},"patch_version":{"type":"string","description_kind":"plain","computed":true},"prev_image_path":{"type":"string","description_kind":"plain","computed":true},"prev_patch_image_path":{"type":"string","description_kind":"plain","computed":true},"previous_image_ref":{"type":"string","description_kind":"plain","computed":true},"previous_patch_image_ref":{"type":"string","description_kind":"plain","computed":true},"previous_patch_list":{"type":["list",["object",{"patch_image_path":"string","patch_image_ref":"string","patch_version":"string"}]],"description_kind":"plain","computed":true},"previous_patch_version":{"type":"string","description_kind":"plain","computed":true},"previous_version":{"type":"string","description_kind":"plain","computed":true},"progress":{"type":"string","description_kind":"plain","computed":true},"se_patch_image_path":{"type":"string","description_kind":"plain","computed":true},"se_patch_image_ref":{"type":"string","description_kind":"plain","computed":true},"se_upgrade_events":{"type":["list",["object",{"from_se_ref":"string","num_se":"string","num_se_group":"string","num_vs":"string","reason":["list","string"],"se_group_ha_mode":"string","se_group_ref":"string","se_ref":"string","sub_tasks":["list","string"],"task":"string","to_se_ref":"string","traffic_status":"string","vs_ref":"string"}]],"description_kind":"plain","computed":true},"seg_params":{"type":["set",["object",{"image_ref":"string","patch_ref":"string","se_group_options":["set",["object",{"action_on_error":"string","disruptive":"string"}]],"se_group_resume_options":["set",["object",{"action_on_error":"string","disruptive":"string","skip_suspended":"string"}]]}]],"description_kind":"plain","computed":true},"seg_status":{"type":["set",["object",{"controller_version":"string","disrupted_vs_ref":["list","string"],"duration":"string","end_time":"string","enqueue_time":"string","ha_mode":"string","in_progress":"string","notes":["list","string"],"num_se":"string","num_se_with_no_vs":"string","num_se_with_vs_not_scaledout":"string","num_se_with_vs_scaledout":"string","num_vs":"string","num_vs_disrupted":"string","progress":"string","reason":["list","string"],"request_time":"string","se_already_upgraded_at_start":["list","string"],"se_disconnected_at_start":["list","string"],"se_group_name":"string","se_group_uuid":"string","se_ip_missing_at_start":["list","string"],"se_poweredoff_at_start":["list","string"],"se_reboot_in_progress_ref":"string","se_upgrade_completed":["list","string"],"se_upgrade_errors":["list",["object",{"from_se_ref":"string","num_se":"string","num_se_group":"string","num_vs":"string","reason":["list","string"],"se_group_ha_mode":"string","se_group_ref":"string","se_ref":"string","sub_tasks":["list","string"],"task":"string","to_se_ref":"string","traffic_status":"string","vs_ref":"string"}]],"se_upgrade_failed":["list","string"],"se_upgrade_in_progress":["list","string"],"se_upgrade_not_started":["list","string"],"se_upgrade_skip_suspended":["list","string"],"se_upgrade_suspended":["list","string"],"se_with_no_vs":["list","string"],"se_with_vs_not_scaledout":["list","string"],"se_with_vs_scaledout":["list","string"],"start_time":"string","state":"string","tenant_ref":"string","thread":"string","traffic_status":"string","vs_errors":["list",["object",{"event_timestamp":["set",["object",{"secs":"string","usecs":"string"}]],"reason":["list","string"],"se_group_ha_mode":"string","se_group_ref":"string","se_ref":"string","tenant_ref":"string","traffic_status":"string","vip_id":"string","vs_ref":"string"}]],"vs_migrate_in_progress_ref":["list","string"],"vs_scalein_in_progress_ref":["list","string"],"vs_scaleout_in_progress_ref":["list","string"],"worker":"string"}]],"description_kind":"plain","computed":true},"start_time":{"type":"string","description_kind":"plain","computed":true},"state":{"type":["set",["object",{"last_changed_time":["set",["object",{"secs":"string","usecs":"string"}]],"reason":"string","rebooted":"string","state":"string"}]],"description_kind":"plain","computed":true},"system":{"type":"string","description_kind":"plain","computed":true},"tasks_completed":{"type":"string","description_kind":"plain","computed":true},"tenant_ref":{"type":"string","description_kind":"plain","optional":true,"computed":true},"total_tasks":{"type":"string","description_kind":"plain","computed":true},"upgrade_events":{"type":["list",["object",{"nodes_events":["list",["object",{"duration":"string","end_time":"string","ip":["set",["object",{"addr":"string","type":"string"}]],"message":"string","start_time":"string","status":"string","sub_tasks":["list","string"]}]],"sub_events":["list",["object",{"duration":"string","end_time":"string","ip":["set",["object",{"addr":"string","type":"string"}]],"message":"string","start_time":"string","status":"string","sub_tasks":["list","string"]}]],"task":"string","task_name":"string"}]],"description_kind":"plain","computed":true},"upgrade_ops":{"type":"string","description_kind":"plain","computed":true},"uuid":{"type":"string","description_kind":"plain","optional":true,"computed":true},"version":{"type":"string","description_kind":"plain","computed":true}},"description_kind":"plain"}},"avi_upgradestatussummary":{"version":0,"block":{"attributes":{"enable_patch_rollback":{"type":"string","description_kind":"plain","computed":true},"enable_rollback":{"type":"string","description_kind":"plain","computed":true},"end_time":{"type":"string","description_kind":"plain","computed":true},"id":{"type":"string","description_kind":"plain","optional":true,"computed":true},"image_ref":{"type":"string","description_kind":"plain","computed":true},"name":{"type":"string","description_kind":"plain","optional":true,"computed":true},"node_type":{"type":"string","description_kind":"plain","computed":true},"obj_cloud_ref":{"type":"string","description_kind":"plain","computed":true},"patch_image_ref":{"type":"string","description_kind":"plain","computed":true},"start_time":{"type":"string","description_kind":"plain","computed":true},"state":{"type":["set",["object",{"last_changed_time":["set",["object",{"secs":"string","usecs":"string"}]],"reason":"string","rebooted":"string","state":"string"}]],"description_kind":"plain","computed":true},"tasks_completed":{"type":"string","description_kind":"plain","computed":true},"tenant_ref":{"type":"string","description_kind":"plain","optional":true,"computed":true},"total_tasks":{"type":"string","description_kind":"plain","computed":true},"upgrade_ops":{"type":"string","description_kind":"plain","computed":true},"uuid":{"type":"string","description_kind":"plain","optional":true,"computed":true},"version":{"type":"string","description_kind":"plain","computed":true}},"description_kind":"plain"}},"avi_user":{"version":0,"block":{"attributes":{"access":{"type":["list",["object",{"all_tenants":"string","role_ref":"string","tenant_ref":"string"}]],"description_kind":"plain","computed":true},"default_tenant_ref":{"type":"string","description_kind":"plain","computed":true},"email":{"type":"string","description_kind":"plain","computed":true},"full_name":{"type":"string","description_kind":"plain","computed":true},"id":{"type":"string","description_kind":"plain","optional":true,"computed":true},"is_superuser":{"type":"string","description_kind":"plain","computed":true},"local":{"type":"string","description_kind":"plain","computed":true},"name":{"type":"string","description_kind":"plain","optional":true,"computed":true},"password":{"type":"string","description_kind":"plain","computed":true},"user_profile_ref":{"type":"string","description_kind":"plain","computed":true},"username":{"type":"string","description_kind":"plain","computed":true},"uuid":{"type":"string","description_kind":"plain","optional":true,"computed":true}},"description_kind":"plain"}},"avi_useraccountprofile":{"version":0,"block":{"attributes":{"account_lock_timeout":{"type":"string","description_kind":"plain","computed":true},"configpb_attributes":{"type":["set",["object",{"version":"string"}]],"description_kind":"plain","computed":true},"credentials_timeout_threshold":{"type":"string","description_kind":"plain","computed":true},"id":{"type":"string","description_kind":"plain","optional":true,"computed":true},"max_concurrent_sessions":{"type":"string","description_kind":"plain","computed":true},"max_login_failure_count":{"type":"string","description_kind":"plain","computed":true},"max_password_history_count":{"type":"string","description_kind":"plain","computed":true},"name":{"type":"string","description_kind":"plain","optional":true,"computed":true},"uuid":{"type":"string","description_kind":"plain","optional":true,"computed":true}},"description_kind":"plain"}},"avi_vcenterserver":{"version":0,"block":{"attributes":{"cloud_ref":{"type":"string","description_kind":"plain","optional":true,"computed":true},"configpb_attributes":{"type":["set",["object",{"version":"string"}]],"description_kind":"plain","computed":true},"content_lib":{"type":["set",["object",{"id":"string","name":"string"}]],"description_kind":"plain","computed":true},"id":{"type":"string","description_kind":"plain","optional":true,"computed":true},"name":{"type":"string","description_kind":"plain","optional":true,"computed":true},"tenant_ref":{"type":"string","description_kind":"plain","optional":true,"computed":true},"uuid":{"type":"string","description_kind":"plain","optional":true,"computed":true},"vcenter_credentials_ref":{"type":"string","description_kind":"plain","computed":true},"vcenter_url":{"type":"string","description_kind":"plain","computed":true}},"description_kind":"plain"}},"avi_virtualservice":{"version":0,"block":{"attributes":{"active_standby_se_tag":{"type":"string","description_kind":"plain","computed":true},"advertise_down_vs":{"type":"string","description_kind":"plain","computed":true},"allow_invalid_client_cert":{"type":"string","description_kind":"plain","computed":true},"analytics_policy":{"type":["set",["object",{"all_headers":"string","client_insights":"string","client_insights_sampling":["set",["object",{"client_ip":["set",["object",{"addrs":["list",["object",{"addr":"string","type":"string"}]],"group_refs":["list","string"],"match_criteria":"string","prefixes":["list",["object",{"ip_addr":["set",["object",{"addr":"string","type":"string"}]],"mask":"string"}]],"ranges":["list",["object",{"begin":["set",["object",{"addr":"string","type":"string"}]],"end":["set",["object",{"addr":"string","type":"string"}]]}]]}]],"sample_uris":["set",["object",{"match_criteria":"string","match_str":["list","string"],"string_group_refs":["list","string"]}]],"skip_uris":["set",["object",{"match_criteria":"string","match_str":["list","string"],"string_group_refs":["list","string"]}]]}]],"client_log_filters":["list",["object",{"all_headers":"string","client_ip":["set",["object",{"addrs":["list",["object",{"addr":"string","type":"string"}]],"group_refs":["list","string"],"match_criteria":"string","prefixes":["list",["object",{"ip_addr":["set",["object",{"addr":"string","type":"string"}]],"mask":"string"}]],"ranges":["list",["object",{"begin":["set",["object",{"addr":"string","type":"string"}]],"end":["set",["object",{"addr":"string","type":"string"}]]}]]}]],"duration":"string","enabled":"string","index":"string","name":"string","uri":["set",["object",{"match_criteria":"string","match_str":["list","string"],"string_group_refs":["list","string"]}]]}]],"full_client_logs":["set",["object",{"duration":"string","enabled":"string","throttle":"string"}]],"learning_log_policy":["set",["object",{"enabled":"string","host":"string","port":"string"}]],"metrics_realtime_update":["set",["object",{"duration":"string","enabled":"string"}]],"significant_log_throttle":"string","udf_log_throttle":"string"}]],"description_kind":"plain","computed":true},"analytics_profile_ref":{"type":"string","description_kind":"plain","computed":true},"application_profile_ref":{"type":"string","description_kind":"plain","computed":true},"bgp_peer_labels":{"type":["list","string"],"description_kind":"plain","computed":true},"bot_policy_ref":{"type":"string","description_kind":"plain","computed":true},"bulk_sync_kvcache":{"type":"string","description_kind":"plain","computed":true},"close_client_conn_on_config_update":{"type":"string","description_kind":"plain","computed":true},"cloud_config_cksum":{"type":"string","description_kind":"plain","computed":true},"cloud_ref":{"type":"string","description_kind":"plain","optional":true,"computed":true},"cloud_type":{"type":"string","description_kind":"plain","computed":true},"configpb_attributes":{"type":["set",["object",{"version":"string"}]],"description_kind":"plain","computed":true},"connections_rate_limit":{"type":["set",["object",{"action":["set",["object",{"file":["set",["object",{"content_type":"string","file_content":"string","file_length":"string"}]],"redirect":["set",["object",{"add_string":"string","host":["set",["object",{"tokens":["list",["object",{"end_index":"string","start_index":"string","str_value":"string","type":"string"}]],"type":"string"}]],"keep_query":"string","path":["set",["object",{"tokens":["list",["object",{"end_index":"string","start_index":"string","str_value":"string","type":"string"}]],"type":"string"}]],"port":"string","protocol":"string","status_code":"string"}]],"status_code":"string","type":"string"}]],"explicit_tracking":"string","fine_grain":"string","http_cookie":"string","http_header":"string","rate_limiter":["set",["object",{"burst_sz":"string","count":"string","name":"string","period":"string"}]]}]],"description_kind":"plain","computed":true},"content_rewrite":{"type":["set",["object",{"req_match_replace_pair":["list",["object",{"match_string":"string","replacement_string":["set",["object",{"type":"string","val":"string"}]]}]],"request_rewrite_enabled":"string","response_rewrite_enabled":"string","rewritable_content_ref":"string","rsp_match_replace_pair":["list",["object",{"match_string":"string","replacement_string":["set",["object",{"type":"string","val":"string"}]]}]]}]],"description_kind":"plain","computed":true},"created_by":{"type":"string","description_kind":"plain","computed":true},"delay_fairness":{"type":"string","description_kind":"plain","computed":true},"description":{"type":"string","description_kind":"plain","computed":true},"dns_info":{"type":["list",["object",{"algorithm":"string","cname":["set",["object",{"cname":"string"}]],"fqdn":"string","num_records_in_response":"string","ttl":"string","type":"string"}]],"description_kind":"plain","computed":true},"dns_policies":{"type":["list",["object",{"dns_policy_ref":"string","index":"string"}]],"description_kind":"plain","computed":true},"east_west_placement":{"type":"string","description_kind":"plain","computed":true},"enable_autogw":{"type":"string","description_kind":"plain","computed":true},"enable_rhi":{"type":"string","description_kind":"plain","computed":true},"enable_rhi_snat":{"type":"string","description_kind":"plain","computed":true},"enabled":{"type":"string","description_kind":"plain","computed":true},"error_page_profile_ref":{"type":"string","description_kind":"plain","computed":true},"flow_dist":{"type":"string","description_kind":"plain","computed":true},"flow_label_type":{"type":"string","description_kind":"plain","computed":true},"fqdn":{"type":"string","description_kind":"plain","computed":true},"host_name_xlate":{"type":"string","description_kind":"plain","computed":true},"http_policies":{"type":["list",["object",{"http_policy_set_ref":"string","index":"string"}]],"description_kind":"plain","computed":true},"icap_request_profile_refs":{"type":["list","string"],"description_kind":"plain","computed":true},"id":{"type":"string","description_kind":"plain","optional":true,"computed":true},"ign_pool_net_reach":{"type":"string","description_kind":"plain","computed":true},"jwt_config":{"type":["set",["object",{"audience":"string","jwt_location":"string","jwt_name":"string"}]],"description_kind":"plain","computed":true},"l4_policies":{"type":["list",["object",{"index":"string","l4_policy_set_ref":"string"}]],"description_kind":"plain","computed":true},"ldap_vs_config":{"type":["set",["object",{"realm":"string","se_auth_ldap_bind_timeout":"string","se_auth_ldap_cache_size":"string","se_auth_ldap_connect_timeout":"string","se_auth_ldap_conns_per_server":"string","se_auth_ldap_reconnect_timeout":"string","se_auth_ldap_request_timeout":"string","se_auth_ldap_servers_failover_only":"string"}]],"description_kind":"plain","computed":true},"limit_doser":{"type":"string","description_kind":"plain","computed":true},"markers":{"type":["list",["object",{"key":"string","values":["list","string"]}]],"description_kind":"plain","computed":true},"max_cps_per_client":{"type":"string","description_kind":"plain","computed":true},"microservice_ref":{"type":"string","description_kind":"plain","computed":true},"min_pools_up":{"type":"string","description_kind":"plain","computed":true},"name":{"type":"string","description_kind":"plain","optional":true,"computed":true},"network_profile_ref":{"type":"string","description_kind":"plain","computed":true},"network_security_policy_ref":{"type":"string","description_kind":"plain","computed":true},"nsx_securitygroup":{"type":["list","string"],"description_kind":"plain","computed":true},"performance_limits":{"type":["set",["object",{"max_concurrent_connections":"string","max_throughput":"string"}]],"description_kind":"plain","computed":true},"pool_group_ref":{"type":"string","description_kind":"plain","computed":true},"pool_ref":{"type":"string","description_kind":"plain","computed":true},"remove_listening_port_on_vs_down":{"type":"string","description_kind":"plain","computed":true},"requests_rate_limit":{"type":["set",["object",{"action":["set",["object",{"file":["set",["object",{"content_type":"string","file_content":"string","file_length":"string"}]],"redirect":["set",["object",{"add_string":"string","host":["set",["object",{"tokens":["list",["object",{"end_index":"string","start_index":"string","str_value":"string","type":"string"}]],"type":"string"}]],"keep_query":"string","path":["set",["object",{"tokens":["list",["object",{"end_index":"string","start_index":"string","str_value":"string","type":"string"}]],"type":"string"}]],"port":"string","protocol":"string","status_code":"string"}]],"status_code":"string","type":"string"}]],"explicit_tracking":"string","fine_grain":"string","http_cookie":"string","http_header":"string","rate_limiter":["set",["object",{"burst_sz":"string","count":"string","name":"string","period":"string"}]]}]],"description_kind":"plain","computed":true},"saml_sp_config":{"type":["set",["object",{"cookie_name":"string","cookie_timeout":"string","entity_id":"string","key":["list",["object",{"aes_key":"string","hmac_key":"string","name":"string"}]],"signing_ssl_key_and_certificate_ref":"string","single_signon_url":"string","use_idp_session_timeout":"string"}]],"description_kind":"plain","computed":true},"scaleout_ecmp":{"type":"string","description_kind":"plain","computed":true},"se_group_ref":{"type":"string","description_kind":"plain","computed":true},"security_policy_ref":{"type":"string","description_kind":"plain","computed":true},"server_network_profile_ref":{"type":"string","description_kind":"plain","computed":true},"service_metadata":{"type":"string","description_kind":"plain","computed":true},"service_pool_select":{"type":["list",["object",{"service_pool_group_ref":"string","service_pool_ref":"string","service_port":"string","service_port_range_end":"string","service_protocol":"string"}]],"description_kind":"plain","computed":true},"services":{"type":["list",["object",{"enable_http2":"string","enable_ssl":"string","override_application_profile_ref":"string","override_network_profile_ref":"string","port":"string","port_range_end":"string"}]],"description_kind":"plain","computed":true},"sideband_profile":{"type":["set",["object",{"ip":["list",["object",{"addr":"string","type":"string"}]],"sideband_max_request_body_size":"string"}]],"description_kind":"plain","computed":true},"snat_ip":{"type":["list",["object",{"addr":"string","type":"string"}]],"description_kind":"plain","computed":true},"ssl_key_and_certificate_refs":{"type":["list","string"],"description_kind":"plain","computed":true},"ssl_profile_ref":{"type":"string","description_kind":"plain","computed":true},"ssl_profile_selectors":{"type":["list",["object",{"client_ip_list":["set",["object",{"addrs":["list",["object",{"addr":"string","type":"string"}]],"group_refs":["list","string"],"match_criteria":"string","prefixes":["list",["object",{"ip_addr":["set",["object",{"addr":"string","type":"string"}]],"mask":"string"}]],"ranges":["list",["object",{"begin":["set",["object",{"addr":"string","type":"string"}]],"end":["set",["object",{"addr":"string","type":"string"}]]}]]}]],"ssl_profile_ref":"string"}]],"description_kind":"plain","computed":true},"ssl_sess_cache_avg_size":{"type":"string","description_kind":"plain","computed":true},"sso_policy_ref":{"type":"string","description_kind":"plain","computed":true},"static_dns_records":{"type":["list",["object",{"algorithm":"string","cname":["set",["object",{"cname":"string"}]],"delegated":"string","description":"string","fqdn":["list","string"],"ip6_address":["list",["object",{"ip6_address":["set",["object",{"addr":"string","type":"string"}]]}]],"ip_address":["list",["object",{"ip_address":["set",["object",{"addr":"string","type":"string"}]]}]],"metadata":"string","mx_records":["list",["object",{"host":"string","priority":"string"}]],"ns":["list",["object",{"ip6_address":["set",["object",{"addr":"string","type":"string"}]],"ip_address":["set",["object",{"addr":"string","type":"string"}]],"nsname":"string"}]],"num_records_in_response":"string","service_locator":["list",["object",{"port":"string","priority":"string","target":"string","weight":"string"}]],"ttl":"string","txt_records":["list",["object",{"text_str":"string"}]],"type":"string","wildcard_match":"string"}]],"description_kind":"plain","computed":true},"tenant_ref":{"type":"string","description_kind":"plain","optional":true,"computed":true},"test_se_datastore_level_1_ref":{"type":"string","description_kind":"plain","computed":true},"topology_policies":{"type":["list",["object",{"dns_policy_ref":"string","index":"string"}]],"description_kind":"plain","computed":true},"traffic_clone_profile_ref":{"type":"string","description_kind":"plain","computed":true},"traffic_enabled":{"type":"string","description_kind":"plain","computed":true},"type":{"type":"string","description_kind":"plain","computed":true},"use_bridge_ip_as_vip":{"type":"string","description_kind":"plain","computed":true},"use_vip_as_snat":{"type":"string","description_kind":"plain","computed":true},"uuid":{"type":"string","description_kind":"plain","optional":true,"computed":true},"vh_domain_name":{"type":["list","string"],"description_kind":"plain","computed":true},"vh_matches":{"type":["list",["object",{"host":"string","path":["list",["object",{"match_case":"string","match_criteria":"string","match_str":["list","string"],"string_group_refs":["list","string"]}]]}]],"description_kind":"plain","computed":true},"vh_parent_vs_uuid":{"type":"string","description_kind":"plain","computed":true},"vh_type":{"type":"string","description_kind":"plain","computed":true},"vip":{"type":["list",["object",{"auto_allocate_floating_ip":"string","auto_allocate_ip":"string","auto_allocate_ip_type":"string","availability_zone":"string","avi_allocated_fip":"string","avi_allocated_vip":"string","discovered_networks":["list",["object",{"network_ref":"string","subnet":["list",["object",{"ip_addr":["set",["object",{"addr":"string","type":"string"}]],"mask":"string"}]],"subnet6":["list",["object",{"ip_addr":["set",["object",{"addr":"string","type":"string"}]],"mask":"string"}]]}]],"enabled":"string","floating_ip":["set",["object",{"addr":"string","type":"string"}]],"floating_ip6":["set",["object",{"addr":"string","type":"string"}]],"floating_subnet6_uuid":"string","floating_subnet_uuid":"string","ip6_address":["set",["object",{"addr":"string","type":"string"}]],"ip_address":["set",["object",{"addr":"string","type":"string"}]],"ipam_network_subnet":["set",["object",{"network_ref":"string","subnet":["set",["object",{"ip_addr":["set",["object",{"addr":"string","type":"string"}]],"mask":"string"}]],"subnet6":["set",["object",{"ip_addr":["set",["object",{"addr":"string","type":"string"}]],"mask":"string"}]],"subnet6_uuid":"string","subnet_uuid":"string"}]],"network_ref":"string","placement_networks":["list",["object",{"network_ref":"string","subnet":["set",["object",{"ip_addr":["set",["object",{"addr":"string","type":"string"}]],"mask":"string"}]],"subnet6":["set",["object",{"ip_addr":["set",["object",{"addr":"string","type":"string"}]],"mask":"string"}]]}]],"port_uuid":"string","prefix_length":"string","subnet":["set",["object",{"ip_addr":["set",["object",{"addr":"string","type":"string"}]],"mask":"string"}]],"subnet6":["set",["object",{"ip_addr":["set",["object",{"addr":"string","type":"string"}]],"mask":"string"}]],"subnet6_uuid":"string","subnet_uuid":"string","vip_id":"string"}]],"description_kind":"plain","computed":true},"vrf_context_ref":{"type":"string","description_kind":"plain","computed":true},"vs_datascripts":{"type":["list",["object",{"index":"string","vs_datascript_set_ref":"string"}]],"description_kind":"plain","computed":true},"vsvip_cloud_config_cksum":{"type":"string","description_kind":"plain","computed":true},"vsvip_ref":{"type":"string","description_kind":"plain","computed":true},"waf_policy_ref":{"type":"string","description_kind":"plain","computed":true},"weight":{"type":"string","description_kind":"plain","computed":true}},"description_kind":"plain"}},"avi_vrfcontext":{"version":0,"block":{"attributes":{"attrs":{"type":["list",["object",{"key":"string","value":"string"}]],"description_kind":"plain","computed":true},"bfd_profile":{"type":["set",["object",{"minrx":"string","mintx":"string","multi":"string"}]],"description_kind":"plain","computed":true},"bgp_profile":{"type":["set",["object",{"community":["list","string"],"hold_time":"string","ibgp":"string","ip_communities":["list",["object",{"community":["list","string"],"ip_begin":["set",["object",{"addr":"string","type":"string"}]],"ip_end":["set",["object",{"addr":"string","type":"string"}]]}]],"keepalive_interval":"string","local_as":"string","local_preference":"string","num_as_path_prepend":"string","peers":["list",["object",{"advertise_snat_ip":"string","advertise_vip":"string","advertisement_interval":"string","bfd":"string","connect_timer":"string","ebgp_multihop":"string","hold_time":"string","ibgp_local_as_override":"string","keepalive_interval":"string","label":"string","local_as":"string","md5_secret":"string","network_ref":"string","peer_ip":["set",["object",{"addr":"string","type":"string"}]],"peer_ip6":["set",["object",{"addr":"string","type":"string"}]],"remote_as":"string","shutdown":"string","subnet":["set",["object",{"ip_addr":["set",["object",{"addr":"string","type":"string"}]],"mask":"string"}]],"subnet6":["set",["object",{"ip_addr":["set",["object",{"addr":"string","type":"string"}]],"mask":"string"}]]}]],"routing_options":["list",["object",{"advertise_default_route":"string","advertise_learned_routes":"string","label":"string","learn_only_default_route":"string","learn_routes":"string","max_learn_limit":"string"}]],"send_community":"string","shutdown":"string"}]],"description_kind":"plain","computed":true},"cloud_ref":{"type":"string","description_kind":"plain","optional":true,"computed":true},"configpb_attributes":{"type":["set",["object",{"version":"string"}]],"description_kind":"plain","computed":true},"debugvrfcontext":{"type":["set",["object",{"command_buffer_interval":"string","command_buffer_size":"string","flags":["list",["object",{"flag":"string"}]]}]],"description_kind":"plain","computed":true},"description":{"type":"string","description_kind":"plain","computed":true},"gateway_mon":{"type":["list",["object",{"gateway_ip":["set",["object",{"addr":"string","type":"string"}]],"gateway_monitor_fail_threshold":"string","gateway_monitor_interval":"string","gateway_monitor_success_threshold":"string","subnet":["set",["object",{"ip_addr":["set",["object",{"addr":"string","type":"string"}]],"mask":"string"}]]}]],"description_kind":"plain","computed":true},"id":{"type":"string","description_kind":"plain","optional":true,"computed":true},"internal_gateway_monitor":{"type":["set",["object",{"disable_gateway_monitor":"string","gateway_monitor_failure_threshold":"string","gateway_monitor_interval":"string","gateway_monitor_success_threshold":"string"}]],"description_kind":"plain","computed":true},"lldp_enable":{"type":"string","description_kind":"plain","computed":true},"markers":{"type":["list",["object",{"key":"string","values":["list","string"]}]],"description_kind":"plain","computed":true},"name":{"type":"string","description_kind":"plain","optional":true,"computed":true},"static_routes":{"type":["list",["object",{"disable_gateway_monitor":"string","if_name":"string","labels":["list",["object",{"key":"string","value":"string"}]],"next_hop":["set",["object",{"addr":"string","type":"string"}]],"prefix":["set",["object",{"ip_addr":["set",["object",{"addr":"string","type":"string"}]],"mask":"string"}]],"route_id":"string"}]],"description_kind":"plain","computed":true},"system_default":{"type":"string","description_kind":"plain","computed":true},"tenant_ref":{"type":"string","description_kind":"plain","optional":true,"computed":true},"uuid":{"type":"string","description_kind":"plain","optional":true,"computed":true}},"description_kind":"plain"}},"avi_vsdatascriptset":{"version":0,"block":{"attributes":{"configpb_attributes":{"type":["set",["object",{"version":"string"}]],"description_kind":"plain","computed":true},"created_by":{"type":"string","description_kind":"plain","computed":true},"datascript":{"type":["list",["object",{"evt":"string","script":"string"}]],"description_kind":"plain","computed":true},"description":{"type":"string","description_kind":"plain","computed":true},"geo_db_ref":{"type":"string","description_kind":"plain","computed":true},"id":{"type":"string","description_kind":"plain","optional":true,"computed":true},"ip_reputation_db_ref":{"type":"string","description_kind":"plain","computed":true},"ipgroup_refs":{"type":["list","string"],"description_kind":"plain","computed":true},"markers":{"type":["list",["object",{"key":"string","values":["list","string"]}]],"description_kind":"plain","computed":true},"name":{"type":"string","description_kind":"plain","optional":true,"computed":true},"pki_profile_refs":{"type":["list","string"],"description_kind":"plain","computed":true},"pool_group_refs":{"type":["list","string"],"description_kind":"plain","computed":true},"pool_refs":{"type":["list","string"],"description_kind":"plain","computed":true},"protocol_parser_refs":{"type":["list","string"],"description_kind":"plain","computed":true},"rate_limiters":{"type":["list",["object",{"burst_sz":"string","count":"string","name":"string","period":"string"}]],"description_kind":"plain","computed":true},"ssl_key_certificate_refs":{"type":["list","string"],"description_kind":"plain","computed":true},"ssl_profile_refs":{"type":["list","string"],"description_kind":"plain","computed":true},"string_group_refs":{"type":["list","string"],"description_kind":"plain","computed":true},"tenant_ref":{"type":"string","description_kind":"plain","optional":true,"computed":true},"uuid":{"type":"string","description_kind":"plain","optional":true,"computed":true}},"description_kind":"plain"}},"avi_vsvip":{"version":0,"block":{"attributes":{"bgp_peer_labels":{"type":["list","string"],"description_kind":"plain","computed":true},"cloud_ref":{"type":"string","description_kind":"plain","optional":true,"computed":true},"configpb_attributes":{"type":["set",["object",{"version":"string"}]],"description_kind":"plain","computed":true},"dns_info":{"type":["list",["object",{"algorithm":"string","cname":["set",["object",{"cname":"string"}]],"fqdn":"string","num_records_in_response":"string","ttl":"string","type":"string"}]],"description_kind":"plain","computed":true},"east_west_placement":{"type":"string","description_kind":"plain","computed":true},"id":{"type":"string","description_kind":"plain","optional":true,"computed":true},"ipam_selector":{"type":["set",["object",{"labels":["list",["object",{"key":"string","value":"string"}]],"type":"string"}]],"description_kind":"plain","computed":true},"markers":{"type":["list",["object",{"key":"string","values":["list","string"]}]],"description_kind":"plain","computed":true},"name":{"type":"string","description_kind":"plain","optional":true,"computed":true},"tenant_ref":{"type":"string","description_kind":"plain","optional":true,"computed":true},"tier1_lr":{"type":"string","description_kind":"plain","computed":true},"use_standard_alb":{"type":"string","description_kind":"plain","computed":true},"uuid":{"type":"string","description_kind":"plain","optional":true,"computed":true},"vip":{"type":["list",["object",{"auto_allocate_floating_ip":"string","auto_allocate_ip":"string","auto_allocate_ip_type":"string","availability_zone":"string","avi_allocated_fip":"string","avi_allocated_vip":"string","discovered_networks":["list",["object",{"network_ref":"string","subnet":["list",["object",{"ip_addr":["set",["object",{"addr":"string","type":"string"}]],"mask":"string"}]],"subnet6":["list",["object",{"ip_addr":["set",["object",{"addr":"string","type":"string"}]],"mask":"string"}]]}]],"enabled":"string","floating_ip":["set",["object",{"addr":"string","type":"string"}]],"floating_ip6":["set",["object",{"addr":"string","type":"string"}]],"floating_subnet6_uuid":"string","floating_subnet_uuid":"string","ip6_address":["set",["object",{"addr":"string","type":"string"}]],"ip_address":["set",["object",{"addr":"string","type":"string"}]],"ipam_network_subnet":["set",["object",{"network_ref":"string","subnet":["set",["object",{"ip_addr":["set",["object",{"addr":"string","type":"string"}]],"mask":"string"}]],"subnet6":["set",["object",{"ip_addr":["set",["object",{"addr":"string","type":"string"}]],"mask":"string"}]],"subnet6_uuid":"string","subnet_uuid":"string"}]],"network_ref":"string","placement_networks":["list",["object",{"network_ref":"string","subnet":["set",["object",{"ip_addr":["set",["object",{"addr":"string","type":"string"}]],"mask":"string"}]],"subnet6":["set",["object",{"ip_addr":["set",["object",{"addr":"string","type":"string"}]],"mask":"string"}]]}]],"port_uuid":"string","prefix_length":"string","subnet":["set",["object",{"ip_addr":["set",["object",{"addr":"string","type":"string"}]],"mask":"string"}]],"subnet6":["set",["object",{"ip_addr":["set",["object",{"addr":"string","type":"string"}]],"mask":"string"}]],"subnet6_uuid":"string","subnet_uuid":"string","vip_id":"string"}]],"description_kind":"plain","computed":true},"vrf_context_ref":{"type":"string","description_kind":"plain","computed":true},"vsvip_cloud_config_cksum":{"type":"string","description_kind":"plain","computed":true}},"description_kind":"plain"}},"avi_wafapplicationsignatureprovider":{"version":0,"block":{"attributes":{"configpb_attributes":{"type":["set",["object",{"version":"string"}]],"description_kind":"plain","computed":true},"id":{"type":"string","description_kind":"plain","optional":true,"computed":true},"name":{"type":"string","description_kind":"plain","optional":true,"computed":true},"service_status":{"type":["set",["object",{"error":"string","last_successful_update_check":["set",["object",{"secs":"string","usecs":"string"}]],"upstream_sync_timestamp":["set",["object",{"secs":"string","usecs":"string"}]]}]],"description_kind":"plain","computed":true},"tenant_ref":{"type":"string","description_kind":"plain","optional":true,"computed":true},"uuid":{"type":"string","description_kind":"plain","optional":true,"computed":true}},"description_kind":"plain"}},"avi_wafcrs":{"version":0,"block":{"attributes":{"configpb_attributes":{"type":["set",["object",{"version":"string"}]],"description_kind":"plain","computed":true},"description":{"type":"string","description_kind":"plain","computed":true},"groups":{"type":["list",["object",{"enable":"string","exclude_list":["list",["object",{"client_subnet":["set",["object",{"ip_addr":["set",["object",{"addr":"string","type":"string"}]],"mask":"string"}]],"description":"string","match_element":"string","match_element_criteria":["set",["object",{"match_case":"string","match_op":"string"}]],"uri_match_criteria":["set",["object",{"match_case":"string","match_op":"string"}]],"uri_path":"string"}]],"index":"string","name":"string","rules":["list",["object",{"enable":"string","exclude_list":["list",["object",{"client_subnet":["set",["object",{"ip_addr":["set",["object",{"addr":"string","type":"string"}]],"mask":"string"}]],"description":"string","match_element":"string","match_element_criteria":["set",["object",{"match_case":"string","match_op":"string"}]],"uri_match_criteria":["set",["object",{"match_case":"string","match_op":"string"}]],"uri_path":"string"}]],"index":"string","is_sensitive":"string","mode":"string","name":"string","rule":"string","rule_id":"string","tags":["list","string"]}]]}]],"description_kind":"plain","computed":true},"id":{"type":"string","description_kind":"plain","optional":true,"computed":true},"integrity":{"type":"string","description_kind":"plain","computed":true},"markers":{"type":["list",["object",{"key":"string","values":["list","string"]}]],"description_kind":"plain","computed":true},"name":{"type":"string","description_kind":"plain","optional":true,"computed":true},"release_date":{"type":"string","description_kind":"plain","computed":true},"tenant_ref":{"type":"string","description_kind":"plain","optional":true,"computed":true},"uuid":{"type":"string","description_kind":"plain","optional":true,"computed":true},"version":{"type":"string","description_kind":"plain","computed":true}},"description_kind":"plain"}},"avi_wafpolicy":{"version":0,"block":{"attributes":{"allow_mode_delegation":{"type":"string","description_kind":"plain","computed":true},"allowlist":{"type":["set",["object",{"rules":["list",["object",{"actions":["list","string"],"description":"string","enable":"string","index":"string","match":["set",["object",{"bot_detection_result":["set",["object",{"classifications":["list",["object",{"type":"string","user_defined_type":"string"}]],"match_operation":"string"}]],"client_ip":["set",["object",{"addrs":["list",["object",{"addr":"string","type":"string"}]],"group_refs":["list","string"],"match_criteria":"string","prefixes":["list",["object",{"ip_addr":["set",["object",{"addr":"string","type":"string"}]],"mask":"string"}]],"ranges":["list",["object",{"begin":["set",["object",{"addr":"string","type":"string"}]],"end":["set",["object",{"addr":"string","type":"string"}]]}]]}]],"cookie":["set",["object",{"match_case":"string","match_criteria":"string","name":"string","value":"string"}]],"geo_matches":["list",["object",{"attribute":"string","match_operation":"string","values":["list","string"]}]],"hdrs":["list",["object",{"hdr":"string","match_case":"string","match_criteria":"string","value":["list","string"]}]],"host_hdr":["set",["object",{"match_case":"string","match_criteria":"string","value":["list","string"]}]],"ip_reputation_type":["set",["object",{"match_operation":"string","reputation_types":["list","string"]}]],"method":["set",["object",{"match_criteria":"string","methods":["list","string"]}]],"path":["set",["object",{"match_case":"string","match_criteria":"string","match_str":["list","string"],"string_group_refs":["list","string"]}]],"protocol":["set",["object",{"match_criteria":"string","protocols":"string"}]],"query":["set",["object",{"match_case":"string","match_criteria":"string","match_str":["list","string"],"string_group_refs":["list","string"]}]],"version":["set",["object",{"match_criteria":"string","versions":["list","string"]}]],"vs_port":["set",["object",{"match_criteria":"string","ports":["list","number"]}]]}]],"name":"string","sampling_percent":"string"}]]}]],"description_kind":"plain","computed":true},"application_signatures":{"type":["set",["object",{"provider_ref":"string","resolved_rules":["list",["object",{"enable":"string","exclude_list":["list",["object",{"client_subnet":["set",["object",{"ip_addr":["set",["object",{"addr":"string","type":"string"}]],"mask":"string"}]],"description":"string","match_element":"string","match_element_criteria":["set",["object",{"match_case":"string","match_op":"string"}]],"uri_match_criteria":["set",["object",{"match_case":"string","match_op":"string"}]],"uri_path":"string"}]],"index":"string","is_sensitive":"string","mode":"string","name":"string","rule":"string","rule_id":"string","tags":["list","string"]}]],"rule_overrides":["list",["object",{"enable":"string","exclude_list":["list",["object",{"client_subnet":["set",["object",{"ip_addr":["set",["object",{"addr":"string","type":"string"}]],"mask":"string"}]],"description":"string","match_element":"string","match_element_criteria":["set",["object",{"match_case":"string","match_op":"string"}]],"uri_match_criteria":["set",["object",{"match_case":"string","match_op":"string"}]],"uri_path":"string"}]],"mode":"string","rule_id":"string"}]],"selected_applications":["list","string"]}]],"description_kind":"plain","computed":true},"confidence_override":{"type":["set",["object",{"confid_high_value":"string","confid_low_value":"string","confid_probable_value":"string","confid_very_high_value":"string"}]],"description_kind":"plain","computed":true},"configpb_attributes":{"type":["set",["object",{"version":"string"}]],"description_kind":"plain","computed":true},"created_by":{"type":"string","description_kind":"plain","computed":true},"crs_overrides":{"type":["list",["object",{"enable":"string","exclude_list":["list",["object",{"client_subnet":["set",["object",{"ip_addr":["set",["object",{"addr":"string","type":"string"}]],"mask":"string"}]],"description":"string","match_element":"string","match_element_criteria":["set",["object",{"match_case":"string","match_op":"string"}]],"uri_match_criteria":["set",["object",{"match_case":"string","match_op":"string"}]],"uri_path":"string"}]],"mode":"string","name":"string","rule_overrides":["list",["object",{"enable":"string","exclude_list":["list",["object",{"client_subnet":["set",["object",{"ip_addr":["set",["object",{"addr":"string","type":"string"}]],"mask":"string"}]],"description":"string","match_element":"string","match_element_criteria":["set",["object",{"match_case":"string","match_op":"string"}]],"uri_match_criteria":["set",["object",{"match_case":"string","match_op":"string"}]],"uri_path":"string"}]],"mode":"string","rule_id":"string"}]]}]],"description_kind":"plain","computed":true},"description":{"type":"string","description_kind":"plain","computed":true},"enable_app_learning":{"type":"string","description_kind":"plain","computed":true},"enable_auto_rule_updates":{"type":"string","description_kind":"plain","computed":true},"enable_regex_learning":{"type":"string","description_kind":"plain","computed":true},"failure_mode":{"type":"string","description_kind":"plain","computed":true},"geo_db_ref":{"type":"string","description_kind":"plain","computed":true},"id":{"type":"string","description_kind":"plain","optional":true,"computed":true},"learning_params":{"type":["set",["object",{"enable_per_uri_learning":"string","max_params":"string","max_uris":"string","min_hits_to_learn":"string","sampling_percent":"string","update_interval":"string"}]],"description_kind":"plain","computed":true},"markers":{"type":["list",["object",{"key":"string","values":["list","string"]}]],"description_kind":"plain","computed":true},"min_confidence":{"type":"string","description_kind":"plain","computed":true},"mode":{"type":"string","description_kind":"plain","computed":true},"name":{"type":"string","description_kind":"plain","optional":true,"computed":true},"paranoia_level":{"type":"string","description_kind":"plain","computed":true},"positive_security_model":{"type":["set",["object",{"group_refs":["list","string"]}]],"description_kind":"plain","computed":true},"post_crs_groups":{"type":["list",["object",{"enable":"string","exclude_list":["list",["object",{"client_subnet":["set",["object",{"ip_addr":["set",["object",{"addr":"string","type":"string"}]],"mask":"string"}]],"description":"string","match_element":"string","match_element_criteria":["set",["object",{"match_case":"string","match_op":"string"}]],"uri_match_criteria":["set",["object",{"match_case":"string","match_op":"string"}]],"uri_path":"string"}]],"index":"string","name":"string","rules":["list",["object",{"enable":"string","exclude_list":["list",["object",{"client_subnet":["set",["object",{"ip_addr":["set",["object",{"addr":"string","type":"string"}]],"mask":"string"}]],"description":"string","match_element":"string","match_element_criteria":["set",["object",{"match_case":"string","match_op":"string"}]],"uri_match_criteria":["set",["object",{"match_case":"string","match_op":"string"}]],"uri_path":"string"}]],"index":"string","is_sensitive":"string","mode":"string","name":"string","rule":"string","rule_id":"string","tags":["list","string"]}]]}]],"description_kind":"plain","computed":true},"pre_crs_groups":{"type":["list",["object",{"enable":"string","exclude_list":["list",["object",{"client_subnet":["set",["object",{"ip_addr":["set",["object",{"addr":"string","type":"string"}]],"mask":"string"}]],"description":"string","match_element":"string","match_element_criteria":["set",["object",{"match_case":"string","match_op":"string"}]],"uri_match_criteria":["set",["object",{"match_case":"string","match_op":"string"}]],"uri_path":"string"}]],"index":"string","name":"string","rules":["list",["object",{"enable":"string","exclude_list":["list",["object",{"client_subnet":["set",["object",{"ip_addr":["set",["object",{"addr":"string","type":"string"}]],"mask":"string"}]],"description":"string","match_element":"string","match_element_criteria":["set",["object",{"match_case":"string","match_op":"string"}]],"uri_match_criteria":["set",["object",{"match_case":"string","match_op":"string"}]],"uri_path":"string"}]],"index":"string","is_sensitive":"string","mode":"string","name":"string","rule":"string","rule_id":"string","tags":["list","string"]}]]}]],"description_kind":"plain","computed":true},"resolved_crs_groups":{"type":["list",["object",{"enable":"string","exclude_list":["list",["object",{"client_subnet":["set",["object",{"ip_addr":["set",["object",{"addr":"string","type":"string"}]],"mask":"string"}]],"description":"string","match_element":"string","match_element_criteria":["set",["object",{"match_case":"string","match_op":"string"}]],"uri_match_criteria":["set",["object",{"match_case":"string","match_op":"string"}]],"uri_path":"string"}]],"index":"string","name":"string","rules":["list",["object",{"enable":"string","exclude_list":["list",["object",{"client_subnet":["set",["object",{"ip_addr":["set",["object",{"addr":"string","type":"string"}]],"mask":"string"}]],"description":"string","match_element":"string","match_element_criteria":["set",["object",{"match_case":"string","match_op":"string"}]],"uri_match_criteria":["set",["object",{"match_case":"string","match_op":"string"}]],"uri_path":"string"}]],"index":"string","is_sensitive":"string","mode":"string","name":"string","rule":"string","rule_id":"string","tags":["list","string"]}]]}]],"description_kind":"plain","computed":true},"tenant_ref":{"type":"string","description_kind":"plain","optional":true,"computed":true},"uuid":{"type":"string","description_kind":"plain","optional":true,"computed":true},"waf_crs_ref":{"type":"string","description_kind":"plain","computed":true},"waf_profile_ref":{"type":"string","description_kind":"plain","computed":true}},"description_kind":"plain"}},"avi_wafpolicypsmgroup":{"version":0,"block":{"attributes":{"configpb_attributes":{"type":["set",["object",{"version":"string"}]],"description_kind":"plain","computed":true},"description":{"type":"string","description_kind":"plain","computed":true},"enable":{"type":"string","description_kind":"plain","computed":true},"hit_action":{"type":"string","description_kind":"plain","computed":true},"id":{"type":"string","description_kind":"plain","optional":true,"computed":true},"is_learning_group":{"type":"string","description_kind":"plain","computed":true},"locations":{"type":["list",["object",{"description":"string","index":"string","match":["set",["object",{"host":["set",["object",{"match_case":"string","match_criteria":"string","value":["list","string"]}]],"methods":["set",["object",{"match_criteria":"string","methods":["list","string"]}]],"path":["set",["object",{"match_case":"string","match_criteria":"string","match_str":["list","string"],"string_group_refs":["list","string"]}]]}]],"name":"string","rules":["list",["object",{"description":"string","enable":"string","index":"string","match_case":"string","match_elements":["list",["object",{"excluded":"string","index":"string","name":"string","sub_element":"string"}]],"match_value_max_length":"string","match_value_pattern":"string","match_value_string_group_key":"string","match_value_string_group_ref":"string","mode":"string","name":"string","paranoia_level":"string","rule_id":"string"}]]}]],"description_kind":"plain","computed":true},"markers":{"type":["list",["object",{"key":"string","values":["list","string"]}]],"description_kind":"plain","computed":true},"miss_action":{"type":"string","description_kind":"plain","computed":true},"name":{"type":"string","description_kind":"plain","optional":true,"computed":true},"tenant_ref":{"type":"string","description_kind":"plain","optional":true,"computed":true},"uuid":{"type":"string","description_kind":"plain","optional":true,"computed":true}},"description_kind":"plain"}},"avi_wafprofile":{"version":0,"block":{"attributes":{"config":{"type":["set",["object",{"allowed_http_versions":["list","string"],"allowed_methods":["list","string"],"allowed_request_content_types":["list","string"],"argument_separator":"string","client_request_max_body_size":"string","cookie_format_version":"string","ignore_incomplete_request_body_error":"string","max_execution_time":"string","regex_match_limit":"string","regex_recursion_limit":"string","request_body_default_action":"string","request_hdr_default_action":"string","response_body_default_action":"string","response_hdr_default_action":"string","restricted_extensions":["list","string"],"restricted_headers":["list","string"],"send_status_header":"string","server_response_max_body_size":"string","static_extensions":["list","string"],"status_code_for_rejected_requests":"string","status_header_name":"string","xml_xxe_protection":"string"}]],"description_kind":"plain","computed":true},"configpb_attributes":{"type":["set",["object",{"version":"string"}]],"description_kind":"plain","computed":true},"description":{"type":"string","description_kind":"plain","computed":true},"files":{"type":["list",["object",{"data":"string","name":"string","type":"string"}]],"description_kind":"plain","computed":true},"id":{"type":"string","description_kind":"plain","optional":true,"computed":true},"markers":{"type":["list",["object",{"key":"string","values":["list","string"]}]],"description_kind":"plain","computed":true},"name":{"type":"string","description_kind":"plain","optional":true,"computed":true},"tenant_ref":{"type":"string","description_kind":"plain","optional":true,"computed":true},"uuid":{"type":"string","description_kind":"plain","optional":true,"computed":true}},"description_kind":"plain"}},"avi_webhook":{"version":0,"block":{"attributes":{"callback_url":{"type":"string","description_kind":"plain","computed":true},"configpb_attributes":{"type":["set",["object",{"version":"string"}]],"description_kind":"plain","computed":true},"description":{"type":"string","description_kind":"plain","computed":true},"id":{"type":"string","description_kind":"plain","optional":true,"computed":true},"markers":{"type":["list",["object",{"key":"string","values":["list","string"]}]],"description_kind":"plain","computed":true},"name":{"type":"string","description_kind":"plain","optional":true,"computed":true},"tenant_ref":{"type":"string","description_kind":"plain","optional":true,"computed":true},"uuid":{"type":"string","description_kind":"plain","optional":true,"computed":true},"verification_token":{"type":"string","description_kind":"plain","computed":true}},"description_kind":"plain"}}}}}}
