{"format_version":"0.2","provider_schemas":{"registry.terraform.io/volterraedge/volterra":{"provider":{"version":0,"block":{"attributes":{"api_ca_cert":{"type":"string","description":"The volt API CA Cert for api operations.","description_kind":"plain","optional":true},"api_cert":{"type":"string","description":"The volt API cert for api operations.","description_kind":"plain","optional":true},"api_key":{"type":"string","description":"The volt API key for api operations.","description_kind":"plain","optional":true},"api_p12_file":{"type":"string","description":"Absolute path to p12 file.","description_kind":"plain","optional":true},"tenant":{"type":"string","description":"The tenant values, used only when vesenv is set.","description_kind":"plain","optional":true},"test":{"type":"bool","description":"The volt API test flag .","description_kind":"plain","optional":true},"timeout":{"type":"string","description":"The Volt API call timeout value, by default its 10s","description_kind":"plain","optional":true},"url":{"type":"string","description":"The volt API server url.","description_kind":"plain","optional":true},"vesenv":{"type":"bool","description":"The vesenv flag for itnernal use .","description_kind":"plain","optional":true}},"description_kind":"plain"}},"resource_schemas":{"volterra_active_alert_policies":{"version":0,"block":{"attributes":{"id":{"type":"string","description_kind":"plain","optional":true,"computed":true},"namespace":{"type":"string","description_kind":"plain","required":true}},"block_types":{"policies":{"nesting_mode":"list","block":{"attributes":{"name":{"type":"string","description_kind":"plain","optional":true},"namespace":{"type":"string","description_kind":"plain","optional":true},"tenant":{"type":"string","description_kind":"plain","optional":true}},"description_kind":"plain"},"min_items":1}},"description_kind":"plain"}},"volterra_active_network_policies":{"version":0,"block":{"attributes":{"id":{"type":"string","description_kind":"plain","optional":true,"computed":true},"namespace":{"type":"string","description_kind":"plain","required":true}},"block_types":{"policies":{"nesting_mode":"list","block":{"attributes":{"name":{"type":"string","description_kind":"plain","optional":true},"namespace":{"type":"string","description_kind":"plain","optional":true},"tenant":{"type":"string","description_kind":"plain","optional":true}},"description_kind":"plain"},"min_items":1}},"description_kind":"plain"}},"volterra_active_service_policies":{"version":0,"block":{"attributes":{"id":{"type":"string","description_kind":"plain","optional":true,"computed":true},"namespace":{"type":"string","description_kind":"plain","required":true}},"block_types":{"policies":{"nesting_mode":"list","block":{"attributes":{"name":{"type":"string","description_kind":"plain","optional":true},"namespace":{"type":"string","description_kind":"plain","optional":true},"tenant":{"type":"string","description_kind":"plain","optional":true}},"description_kind":"plain"},"min_items":1}},"description_kind":"plain"}},"volterra_advertise_policy":{"version":0,"block":{"attributes":{"address":{"type":"string","description_kind":"plain","optional":true},"annotations":{"type":["map","string"],"description_kind":"plain","optional":true},"description":{"type":"string","description_kind":"plain","optional":true},"disable":{"type":"bool","description_kind":"plain","optional":true},"id":{"type":"string","description_kind":"plain","optional":true,"computed":true},"labels":{"type":["map","string"],"description_kind":"plain","optional":true},"name":{"type":"string","description_kind":"plain","required":true},"namespace":{"type":"string","description_kind":"plain","required":true},"port":{"type":"number","description_kind":"plain","optional":true},"protocol":{"type":"string","description_kind":"plain","optional":true},"skip_xff_append":{"type":"bool","description_kind":"plain","optional":true}},"block_types":{"public_ip":{"nesting_mode":"list","block":{"attributes":{"kind":{"type":"string","description_kind":"plain","computed":true},"name":{"type":"string","description_kind":"plain","optional":true},"namespace":{"type":"string","description_kind":"plain","optional":true},"tenant":{"type":"string","description_kind":"plain","optional":true}},"description_kind":"plain"}},"tls_parameters":{"nesting_mode":"set","block":{"attributes":{"require_client_certificate":{"type":"bool","description_kind":"plain","optional":true}},"block_types":{"common_params":{"nesting_mode":"set","block":{"attributes":{"cipher_suites":{"type":["list","string"],"description_kind":"plain","optional":true},"maximum_protocol_version":{"type":"string","description_kind":"plain","optional":true},"minimum_protocol_version":{"type":"string","description_kind":"plain","optional":true},"trusted_ca_url":{"type":"string","description_kind":"plain","optional":true}},"block_types":{"tls_certificates":{"nesting_mode":"list","block":{"attributes":{"certificate_url":{"type":"string","description_kind":"plain","optional":true},"description":{"type":"string","description_kind":"plain","optional":true}},"block_types":{"private_key":{"nesting_mode":"set","block":{"attributes":{"secret_encoding_type":{"type":"string","description_kind":"plain","optional":true}},"block_types":{"blindfold_secret_info":{"nesting_mode":"set","block":{"attributes":{"decryption_provider":{"type":"string","description_kind":"plain","optional":true},"location":{"type":"string","description_kind":"plain","optional":true},"store_provider":{"type":"string","description_kind":"plain","optional":true}},"description_kind":"plain"}},"blindfold_secret_info_internal":{"nesting_mode":"set","block":{"attributes":{"decryption_provider":{"type":"string","description_kind":"plain","optional":true},"location":{"type":"string","description_kind":"plain","optional":true},"store_provider":{"type":"string","description_kind":"plain","optional":true}},"description_kind":"plain"}},"clear_secret_info":{"nesting_mode":"set","block":{"attributes":{"provider":{"type":"string","description_kind":"plain","optional":true},"url":{"type":"string","description_kind":"plain","optional":true}},"description_kind":"plain"}},"vault_secret_info":{"nesting_mode":"set","block":{"attributes":{"key":{"type":"string","description_kind":"plain","optional":true},"location":{"type":"string","description_kind":"plain","optional":true},"provider":{"type":"string","description_kind":"plain","optional":true},"secret_encoding":{"type":"string","description_kind":"plain","optional":true},"version":{"type":"number","description_kind":"plain","optional":true}},"description_kind":"plain"}},"wingman_secret_info":{"nesting_mode":"set","block":{"attributes":{"name":{"type":"string","description_kind":"plain","optional":true}},"description_kind":"plain"}}},"description_kind":"plain"}}},"description_kind":"plain"}},"validation_params":{"nesting_mode":"set","block":{"attributes":{"skip_hostname_verification":{"type":"bool","description_kind":"plain","optional":true},"trusted_ca_url":{"type":"string","description_kind":"plain","optional":true},"use_volterra_trusted_ca_url":{"type":"bool","description_kind":"plain","optional":true},"verify_subject_alt_names":{"type":["list","string"],"description_kind":"plain","optional":true}},"description_kind":"plain"}}},"description_kind":"plain"}}},"description_kind":"plain"}},"where":{"nesting_mode":"set","block":{"block_types":{"site":{"nesting_mode":"set","block":{"attributes":{"network_type":{"type":"string","description_kind":"plain","optional":true}},"block_types":{"ref":{"nesting_mode":"list","block":{"attributes":{"kind":{"type":"string","description_kind":"plain","computed":true},"name":{"type":"string","description_kind":"plain","optional":true},"namespace":{"type":"string","description_kind":"plain","optional":true},"tenant":{"type":"string","description_kind":"plain","optional":true}},"description_kind":"plain"}}},"description_kind":"plain"}},"virtual_network":{"nesting_mode":"set","block":{"block_types":{"ref":{"nesting_mode":"list","block":{"attributes":{"kind":{"type":"string","description_kind":"plain","computed":true},"name":{"type":"string","description_kind":"plain","optional":true},"namespace":{"type":"string","description_kind":"plain","optional":true},"tenant":{"type":"string","description_kind":"plain","optional":true}},"description_kind":"plain"}}},"description_kind":"plain"}},"virtual_site":{"nesting_mode":"set","block":{"attributes":{"network_type":{"type":"string","description_kind":"plain","optional":true}},"block_types":{"ref":{"nesting_mode":"list","block":{"attributes":{"kind":{"type":"string","description_kind":"plain","computed":true},"name":{"type":"string","description_kind":"plain","optional":true},"namespace":{"type":"string","description_kind":"plain","optional":true},"tenant":{"type":"string","description_kind":"plain","optional":true}},"description_kind":"plain"}}},"description_kind":"plain"}}},"description_kind":"plain"}}},"description_kind":"plain"}},"volterra_alert_policy":{"version":0,"block":{"attributes":{"annotations":{"type":["map","string"],"description_kind":"plain","optional":true},"description":{"type":"string","description_kind":"plain","optional":true},"disable":{"type":"bool","description_kind":"plain","optional":true},"id":{"type":"string","description_kind":"plain","optional":true,"computed":true},"labels":{"type":["map","string"],"description_kind":"plain","optional":true},"name":{"type":"string","description_kind":"plain","required":true},"namespace":{"type":"string","description_kind":"plain","required":true}},"block_types":{"notification_parameters":{"nesting_mode":"set","block":{"attributes":{"default":{"type":"bool","description_kind":"plain","optional":true},"group_interval":{"type":"string","description_kind":"plain","optional":true},"group_wait":{"type":"string","description_kind":"plain","optional":true},"individual":{"type":"bool","description_kind":"plain","optional":true},"repeat_interval":{"type":"string","description_kind":"plain","optional":true},"ves_io_group":{"type":"bool","description_kind":"plain","optional":true}},"block_types":{"custom":{"nesting_mode":"set","block":{"attributes":{"labels":{"type":["list","string"],"description_kind":"plain","optional":true}},"description_kind":"plain"}}},"description_kind":"plain"}},"receivers":{"nesting_mode":"list","block":{"attributes":{"kind":{"type":"string","description_kind":"plain","computed":true},"name":{"type":"string","description_kind":"plain","optional":true},"namespace":{"type":"string","description_kind":"plain","optional":true},"tenant":{"type":"string","description_kind":"plain","optional":true}},"description_kind":"plain"}},"routes":{"nesting_mode":"list","block":{"attributes":{"alertname":{"type":"string","description_kind":"plain","optional":true},"alertname_regex":{"type":"string","description_kind":"plain","optional":true},"any":{"type":"bool","description_kind":"plain","optional":true},"dont_send":{"type":"bool","description_kind":"plain","optional":true},"send":{"type":"bool","description_kind":"plain","optional":true}},"block_types":{"custom":{"nesting_mode":"set","block":{"block_types":{"alertname":{"nesting_mode":"set","block":{"attributes":{"exact_match":{"type":"string","description_kind":"plain","optional":true},"regex_match":{"type":"string","description_kind":"plain","optional":true}},"description_kind":"plain"}},"group":{"nesting_mode":"set","block":{"attributes":{"exact_match":{"type":"string","description_kind":"plain","optional":true},"regex_match":{"type":"string","description_kind":"plain","optional":true}},"description_kind":"plain"}},"severity":{"nesting_mode":"set","block":{"attributes":{"exact_match":{"type":"string","description_kind":"plain","optional":true},"regex_match":{"type":"string","description_kind":"plain","optional":true}},"description_kind":"plain"}}},"description_kind":"plain"}},"group":{"nesting_mode":"set","block":{"attributes":{"groups":{"type":["list","string"],"description_kind":"plain","optional":true}},"description_kind":"plain"}},"notification_parameters":{"nesting_mode":"set","block":{"attributes":{"default":{"type":"bool","description_kind":"plain","optional":true},"group_interval":{"type":"string","description_kind":"plain","optional":true},"group_wait":{"type":"string","description_kind":"plain","optional":true},"individual":{"type":"bool","description_kind":"plain","optional":true},"repeat_interval":{"type":"string","description_kind":"plain","optional":true},"ves_io_group":{"type":"bool","description_kind":"plain","optional":true}},"block_types":{"custom":{"nesting_mode":"set","block":{"attributes":{"labels":{"type":["list","string"],"description_kind":"plain","optional":true}},"description_kind":"plain"}}},"description_kind":"plain"}},"severity":{"nesting_mode":"set","block":{"attributes":{"severities":{"type":["list","string"],"description_kind":"plain","optional":true}},"description_kind":"plain"}}},"description_kind":"plain"}}},"description_kind":"plain"}},"volterra_alert_receiver":{"version":0,"block":{"attributes":{"annotations":{"type":["map","string"],"description_kind":"plain","optional":true},"description":{"type":"string","description_kind":"plain","optional":true},"disable":{"type":"bool","description_kind":"plain","optional":true},"id":{"type":"string","description_kind":"plain","optional":true,"computed":true},"labels":{"type":["map","string"],"description_kind":"plain","optional":true},"name":{"type":"string","description_kind":"plain","required":true},"namespace":{"type":"string","description_kind":"plain","required":true}},"block_types":{"email":{"nesting_mode":"set","block":{"attributes":{"email":{"type":"string","description_kind":"plain","optional":true}},"description_kind":"plain"}},"opsgenie":{"nesting_mode":"set","block":{"attributes":{"url":{"type":"string","description_kind":"plain","optional":true}},"block_types":{"api_key":{"nesting_mode":"set","block":{"attributes":{"secret_encoding_type":{"type":"string","description_kind":"plain","optional":true}},"block_types":{"blindfold_secret_info":{"nesting_mode":"set","block":{"attributes":{"decryption_provider":{"type":"string","description_kind":"plain","optional":true},"location":{"type":"string","description_kind":"plain","optional":true},"store_provider":{"type":"string","description_kind":"plain","optional":true}},"description_kind":"plain"}},"blindfold_secret_info_internal":{"nesting_mode":"set","block":{"attributes":{"decryption_provider":{"type":"string","description_kind":"plain","optional":true},"location":{"type":"string","description_kind":"plain","optional":true},"store_provider":{"type":"string","description_kind":"plain","optional":true}},"description_kind":"plain"}},"clear_secret_info":{"nesting_mode":"set","block":{"attributes":{"provider":{"type":"string","description_kind":"plain","optional":true},"url":{"type":"string","description_kind":"plain","optional":true}},"description_kind":"plain"}},"vault_secret_info":{"nesting_mode":"set","block":{"attributes":{"key":{"type":"string","description_kind":"plain","optional":true},"location":{"type":"string","description_kind":"plain","optional":true},"provider":{"type":"string","description_kind":"plain","optional":true},"secret_encoding":{"type":"string","description_kind":"plain","optional":true},"version":{"type":"number","description_kind":"plain","optional":true}},"description_kind":"plain"}},"wingman_secret_info":{"nesting_mode":"set","block":{"attributes":{"name":{"type":"string","description_kind":"plain","optional":true}},"description_kind":"plain"}}},"description_kind":"plain"}}},"description_kind":"plain"}},"pagerduty":{"nesting_mode":"set","block":{"attributes":{"url":{"type":"string","description_kind":"plain","optional":true}},"block_types":{"routing_key":{"nesting_mode":"set","block":{"attributes":{"secret_encoding_type":{"type":"string","description_kind":"plain","optional":true}},"block_types":{"blindfold_secret_info":{"nesting_mode":"set","block":{"attributes":{"decryption_provider":{"type":"string","description_kind":"plain","optional":true},"location":{"type":"string","description_kind":"plain","optional":true},"store_provider":{"type":"string","description_kind":"plain","optional":true}},"description_kind":"plain"}},"blindfold_secret_info_internal":{"nesting_mode":"set","block":{"attributes":{"decryption_provider":{"type":"string","description_kind":"plain","optional":true},"location":{"type":"string","description_kind":"plain","optional":true},"store_provider":{"type":"string","description_kind":"plain","optional":true}},"description_kind":"plain"}},"clear_secret_info":{"nesting_mode":"set","block":{"attributes":{"provider":{"type":"string","description_kind":"plain","optional":true},"url":{"type":"string","description_kind":"plain","optional":true}},"description_kind":"plain"}},"vault_secret_info":{"nesting_mode":"set","block":{"attributes":{"key":{"type":"string","description_kind":"plain","optional":true},"location":{"type":"string","description_kind":"plain","optional":true},"provider":{"type":"string","description_kind":"plain","optional":true},"secret_encoding":{"type":"string","description_kind":"plain","optional":true},"version":{"type":"number","description_kind":"plain","optional":true}},"description_kind":"plain"}},"wingman_secret_info":{"nesting_mode":"set","block":{"attributes":{"name":{"type":"string","description_kind":"plain","optional":true}},"description_kind":"plain"}}},"description_kind":"plain"}}},"description_kind":"plain"}},"slack":{"nesting_mode":"set","block":{"attributes":{"channel":{"type":"string","description_kind":"plain","optional":true}},"block_types":{"url":{"nesting_mode":"set","block":{"attributes":{"secret_encoding_type":{"type":"string","description_kind":"plain","optional":true}},"block_types":{"blindfold_secret_info":{"nesting_mode":"set","block":{"attributes":{"decryption_provider":{"type":"string","description_kind":"plain","optional":true},"location":{"type":"string","description_kind":"plain","optional":true},"store_provider":{"type":"string","description_kind":"plain","optional":true}},"description_kind":"plain"}},"blindfold_secret_info_internal":{"nesting_mode":"set","block":{"attributes":{"decryption_provider":{"type":"string","description_kind":"plain","optional":true},"location":{"type":"string","description_kind":"plain","optional":true},"store_provider":{"type":"string","description_kind":"plain","optional":true}},"description_kind":"plain"}},"clear_secret_info":{"nesting_mode":"set","block":{"attributes":{"provider":{"type":"string","description_kind":"plain","optional":true},"url":{"type":"string","description_kind":"plain","optional":true}},"description_kind":"plain"}},"vault_secret_info":{"nesting_mode":"set","block":{"attributes":{"key":{"type":"string","description_kind":"plain","optional":true},"location":{"type":"string","description_kind":"plain","optional":true},"provider":{"type":"string","description_kind":"plain","optional":true},"secret_encoding":{"type":"string","description_kind":"plain","optional":true},"version":{"type":"number","description_kind":"plain","optional":true}},"description_kind":"plain"}},"wingman_secret_info":{"nesting_mode":"set","block":{"attributes":{"name":{"type":"string","description_kind":"plain","optional":true}},"description_kind":"plain"}}},"description_kind":"plain"}}},"description_kind":"plain"}},"sms":{"nesting_mode":"set","block":{"attributes":{"contact_number":{"type":"string","description_kind":"plain","optional":true}},"description_kind":"plain"}}},"description_kind":"plain"}},"volterra_api_credential":{"version":0,"block":{"attributes":{"api_credential_password":{"type":"string","description_kind":"plain","optional":true},"api_credential_type":{"type":"string","description_kind":"plain","required":true},"data":{"type":"string","description_kind":"plain","computed":true},"expiry_days":{"type":"number","description_kind":"plain","optional":true},"id":{"type":"string","description_kind":"plain","optional":true,"computed":true},"name":{"type":"string","description_kind":"plain","required":true},"virtual_k8s_name":{"type":"string","description_kind":"plain","optional":true},"virtual_k8s_namespace":{"type":"string","description_kind":"plain","optional":true}},"description_kind":"plain"}},"volterra_app_type":{"version":0,"block":{"attributes":{"annotations":{"type":["map","string"],"description_kind":"plain","optional":true},"description":{"type":"string","description_kind":"plain","optional":true},"disable":{"type":"bool","description_kind":"plain","optional":true},"id":{"type":"string","description_kind":"plain","optional":true,"computed":true},"labels":{"type":["map","string"],"description_kind":"plain","optional":true},"name":{"type":"string","description_kind":"plain","required":true},"namespace":{"type":"string","description_kind":"plain","required":true}},"block_types":{"business_logic_markup_setting":{"nesting_mode":"set","block":{"attributes":{"disable":{"type":"bool","description_kind":"plain","optional":true},"enable":{"type":"bool","description_kind":"plain","optional":true}},"description_kind":"plain"}},"features":{"nesting_mode":"list","block":{"attributes":{"type":{"type":"string","description_kind":"plain","optional":true}},"description_kind":"plain"}}},"description_kind":"plain"}},"volterra_aws_tgw_site":{"version":0,"block":{"attributes":{"address":{"type":"string","description_kind":"plain","optional":true},"annotations":{"type":["map","string"],"description_kind":"plain","optional":true},"description":{"type":"string","description_kind":"plain","optional":true},"disable":{"type":"bool","description_kind":"plain","optional":true},"id":{"type":"string","description_kind":"plain","optional":true,"computed":true},"labels":{"type":["map","string"],"description_kind":"plain","optional":true},"logs_streaming_disabled":{"type":"bool","description_kind":"plain","optional":true},"name":{"type":"string","description_kind":"plain","required":true},"namespace":{"type":"string","description_kind":"plain","required":true}},"block_types":{"aws_parameters":{"nesting_mode":"set","block":{"attributes":{"assisted":{"type":"bool","description_kind":"plain","optional":true},"aws_certified_hw":{"type":"string","description_kind":"plain","optional":true},"aws_region":{"type":"string","description_kind":"plain","optional":true},"disk_size":{"type":"number","description_kind":"plain","optional":true},"instance_type":{"type":"string","description_kind":"plain","optional":true},"no_worker_nodes":{"type":"bool","description_kind":"plain","optional":true},"nodes_per_az":{"type":"number","description_kind":"plain","optional":true},"ssh_key":{"type":"string","description_kind":"plain","optional":true},"total_nodes":{"type":"number","description_kind":"plain","optional":true},"vpc_id":{"type":"string","description_kind":"plain","optional":true}},"block_types":{"aws_cred":{"nesting_mode":"set","block":{"attributes":{"name":{"type":"string","description_kind":"plain","optional":true},"namespace":{"type":"string","description_kind":"plain","optional":true},"tenant":{"type":"string","description_kind":"plain","optional":true}},"description_kind":"plain"}},"az_nodes":{"nesting_mode":"list","block":{"attributes":{"aws_az_name":{"type":"string","description_kind":"plain","optional":true},"disk_size":{"type":"number","description_kind":"plain","optional":true},"reserved_inside_subnet":{"type":"bool","description_kind":"plain","optional":true}},"block_types":{"inside_subnet":{"nesting_mode":"set","block":{"attributes":{"existing_subnet_id":{"type":"string","description_kind":"plain","optional":true}},"block_types":{"subnet_param":{"nesting_mode":"set","block":{"attributes":{"ipv4":{"type":"string","description_kind":"plain","optional":true},"ipv6":{"type":"string","description_kind":"plain","optional":true}},"description_kind":"plain"}}},"description_kind":"plain"}},"outside_subnet":{"nesting_mode":"set","block":{"attributes":{"existing_subnet_id":{"type":"string","description_kind":"plain","optional":true}},"block_types":{"subnet_param":{"nesting_mode":"set","block":{"attributes":{"ipv4":{"type":"string","description_kind":"plain","optional":true},"ipv6":{"type":"string","description_kind":"plain","optional":true}},"description_kind":"plain"}}},"description_kind":"plain"}},"workload_subnet":{"nesting_mode":"set","block":{"attributes":{"existing_subnet_id":{"type":"string","description_kind":"plain","optional":true}},"block_types":{"subnet_param":{"nesting_mode":"set","block":{"attributes":{"ipv4":{"type":"string","description_kind":"plain","optional":true},"ipv6":{"type":"string","description_kind":"plain","optional":true}},"description_kind":"plain"}}},"description_kind":"plain"}}},"description_kind":"plain"}},"existing_tgw":{"nesting_mode":"set","block":{"attributes":{"tgw_asn":{"type":"number","description_kind":"plain","optional":true},"tgw_id":{"type":"string","description_kind":"plain","optional":true},"volterra_site_asn":{"type":"number","description_kind":"plain","optional":true}},"description_kind":"plain"}},"new_tgw":{"nesting_mode":"set","block":{"attributes":{"system_generated":{"type":"bool","description_kind":"plain","optional":true}},"block_types":{"user_assigned":{"nesting_mode":"set","block":{"attributes":{"tgw_asn":{"type":"number","description_kind":"plain","optional":true},"volterra_site_asn":{"type":"number","description_kind":"plain","optional":true}},"description_kind":"plain"}}},"description_kind":"plain"}},"new_vpc":{"nesting_mode":"set","block":{"attributes":{"allocate_ipv6":{"type":"bool","description_kind":"plain","optional":true},"autogenerate":{"type":"bool","description_kind":"plain","optional":true},"name_tag":{"type":"string","description_kind":"plain","optional":true},"primary_ipv4":{"type":"string","description_kind":"plain","optional":true}},"description_kind":"plain"}}},"description_kind":"plain"}},"coordinates":{"nesting_mode":"set","block":{"attributes":{"latitude":{"type":"number","description_kind":"plain","optional":true},"longitude":{"type":"number","description_kind":"plain","optional":true}},"description_kind":"plain"}},"log_receiver":{"nesting_mode":"set","block":{"attributes":{"name":{"type":"string","description_kind":"plain","optional":true},"namespace":{"type":"string","description_kind":"plain","optional":true},"tenant":{"type":"string","description_kind":"plain","optional":true}},"description_kind":"plain"}},"os":{"nesting_mode":"set","block":{"attributes":{"default_os_version":{"type":"bool","description_kind":"plain","optional":true},"operating_system_version":{"type":"string","description_kind":"plain","optional":true}},"description_kind":"plain"}},"sw":{"nesting_mode":"set","block":{"attributes":{"default_sw_version":{"type":"bool","description_kind":"plain","optional":true},"volterra_software_version":{"type":"string","description_kind":"plain","optional":true}},"description_kind":"plain"}},"tgw_security":{"nesting_mode":"set","block":{"attributes":{"east_west_service_policy_allow_all":{"type":"bool","description_kind":"plain","optional":true},"forward_proxy_allow_all":{"type":"bool","description_kind":"plain","optional":true},"no_east_west_policy":{"type":"bool","description_kind":"plain","optional":true},"no_forward_proxy":{"type":"bool","description_kind":"plain","optional":true},"no_network_policy":{"type":"bool","description_kind":"plain","optional":true}},"block_types":{"active_east_west_service_policies":{"nesting_mode":"set","block":{"block_types":{"service_policies":{"nesting_mode":"list","block":{"attributes":{"name":{"type":"string","description_kind":"plain","optional":true},"namespace":{"type":"string","description_kind":"plain","optional":true},"tenant":{"type":"string","description_kind":"plain","optional":true}},"description_kind":"plain"}}},"description_kind":"plain"}},"active_forward_proxy_policies":{"nesting_mode":"set","block":{"block_types":{"forward_proxy_policies":{"nesting_mode":"list","block":{"attributes":{"name":{"type":"string","description_kind":"plain","optional":true},"namespace":{"type":"string","description_kind":"plain","optional":true},"tenant":{"type":"string","description_kind":"plain","optional":true}},"description_kind":"plain"}}},"description_kind":"plain"}},"active_network_policies":{"nesting_mode":"set","block":{"block_types":{"network_policies":{"nesting_mode":"list","block":{"attributes":{"name":{"type":"string","description_kind":"plain","optional":true},"namespace":{"type":"string","description_kind":"plain","optional":true},"tenant":{"type":"string","description_kind":"plain","optional":true}},"description_kind":"plain"}}},"description_kind":"plain"}}},"description_kind":"plain"}},"vn_config":{"nesting_mode":"set","block":{"attributes":{"no_global_network":{"type":"bool","description_kind":"plain","optional":true},"no_inside_static_routes":{"type":"bool","description_kind":"plain","optional":true},"no_outside_static_routes":{"type":"bool","description_kind":"plain","optional":true}},"block_types":{"allowed_vip_port":{"nesting_mode":"set","block":{"attributes":{"use_http_https_port":{"type":"bool","description_kind":"plain","optional":true},"use_http_port":{"type":"bool","description_kind":"plain","optional":true},"use_https_port":{"type":"bool","description_kind":"plain","optional":true}},"block_types":{"custom_ports":{"nesting_mode":"set","block":{"attributes":{"port_ranges":{"type":"string","description_kind":"plain","optional":true}},"description_kind":"plain"}}},"description_kind":"plain"}},"global_network_list":{"nesting_mode":"set","block":{"block_types":{"global_network_connections":{"nesting_mode":"list","block":{"attributes":{"disable_forward_proxy":{"type":"bool","description_kind":"plain","optional":true}},"block_types":{"enable_forward_proxy":{"nesting_mode":"set","block":{"attributes":{"connection_timeout":{"type":"number","description_kind":"plain","optional":true},"max_connect_attempts":{"type":"number","description_kind":"plain","optional":true},"no_interception":{"type":"bool","description_kind":"plain","optional":true},"white_listed_ports":{"type":["list","number"],"description_kind":"plain","optional":true},"white_listed_prefixes":{"type":["list","string"],"description_kind":"plain","optional":true}},"block_types":{"tls_intercept":{"nesting_mode":"set","block":{"attributes":{"enable_for_all_domains":{"type":"bool","description_kind":"plain","optional":true},"trusted_ca_url":{"type":"string","description_kind":"plain","optional":true},"volterra_certificate":{"type":"bool","description_kind":"plain","optional":true},"volterra_trusted_ca":{"type":"bool","description_kind":"plain","optional":true}},"block_types":{"custom_certificate":{"nesting_mode":"set","block":{"attributes":{"certificate_url":{"type":"string","description_kind":"plain","optional":true},"description":{"type":"string","description_kind":"plain","optional":true}},"block_types":{"private_key":{"nesting_mode":"set","block":{"attributes":{"secret_encoding_type":{"type":"string","description_kind":"plain","optional":true}},"block_types":{"blindfold_secret_info":{"nesting_mode":"set","block":{"attributes":{"decryption_provider":{"type":"string","description_kind":"plain","optional":true},"location":{"type":"string","description_kind":"plain","optional":true},"store_provider":{"type":"string","description_kind":"plain","optional":true}},"description_kind":"plain"}},"blindfold_secret_info_internal":{"nesting_mode":"set","block":{"attributes":{"decryption_provider":{"type":"string","description_kind":"plain","optional":true},"location":{"type":"string","description_kind":"plain","optional":true},"store_provider":{"type":"string","description_kind":"plain","optional":true}},"description_kind":"plain"}},"clear_secret_info":{"nesting_mode":"set","block":{"attributes":{"provider":{"type":"string","description_kind":"plain","optional":true},"url":{"type":"string","description_kind":"plain","optional":true}},"description_kind":"plain"}},"vault_secret_info":{"nesting_mode":"set","block":{"attributes":{"key":{"type":"string","description_kind":"plain","optional":true},"location":{"type":"string","description_kind":"plain","optional":true},"provider":{"type":"string","description_kind":"plain","optional":true},"secret_encoding":{"type":"string","description_kind":"plain","optional":true},"version":{"type":"number","description_kind":"plain","optional":true}},"description_kind":"plain"}},"wingman_secret_info":{"nesting_mode":"set","block":{"attributes":{"name":{"type":"string","description_kind":"plain","optional":true}},"description_kind":"plain"}}},"description_kind":"plain"}}},"description_kind":"plain"}},"policy":{"nesting_mode":"set","block":{"block_types":{"interception_rules":{"nesting_mode":"list","block":{"attributes":{"disable_interception":{"type":"bool","description_kind":"plain","optional":true},"enable_interception":{"type":"bool","description_kind":"plain","optional":true}},"block_types":{"domain_match":{"nesting_mode":"set","block":{"attributes":{"exact_value":{"type":"string","description_kind":"plain","optional":true},"regex_value":{"type":"string","description_kind":"plain","optional":true},"suffix_value":{"type":"string","description_kind":"plain","optional":true}},"description_kind":"plain"}}},"description_kind":"plain"}}},"description_kind":"plain"}}},"description_kind":"plain"}}},"description_kind":"plain"}},"sli_to_global_dr":{"nesting_mode":"set","block":{"block_types":{"global_vn":{"nesting_mode":"set","block":{"attributes":{"kind":{"type":"string","description_kind":"plain","computed":true},"name":{"type":"string","description_kind":"plain","optional":true},"namespace":{"type":"string","description_kind":"plain","optional":true},"tenant":{"type":"string","description_kind":"plain","optional":true}},"description_kind":"plain"}}},"description_kind":"plain"}},"slo_to_global_dr":{"nesting_mode":"set","block":{"block_types":{"global_vn":{"nesting_mode":"set","block":{"attributes":{"kind":{"type":"string","description_kind":"plain","computed":true},"name":{"type":"string","description_kind":"plain","optional":true},"namespace":{"type":"string","description_kind":"plain","optional":true},"tenant":{"type":"string","description_kind":"plain","optional":true}},"description_kind":"plain"}}},"description_kind":"plain"}}},"description_kind":"plain"}}},"description_kind":"plain"}},"inside_static_routes":{"nesting_mode":"set","block":{"block_types":{"static_route_list":{"nesting_mode":"list","block":{"attributes":{"simple_static_route":{"type":"string","description_kind":"plain","optional":true}},"block_types":{"custom_static_route":{"nesting_mode":"set","block":{"attributes":{"attrs":{"type":["list","string"],"description_kind":"plain","optional":true},"labels":{"type":["map","string"],"description_kind":"plain","optional":true}},"block_types":{"nexthop":{"nesting_mode":"set","block":{"attributes":{"type":{"type":"string","description_kind":"plain","optional":true}},"block_types":{"interface":{"nesting_mode":"list","block":{"attributes":{"kind":{"type":"string","description_kind":"plain","computed":true},"name":{"type":"string","description_kind":"plain","optional":true},"namespace":{"type":"string","description_kind":"plain","optional":true},"tenant":{"type":"string","description_kind":"plain","optional":true}},"description_kind":"plain"}},"nexthop_address":{"nesting_mode":"set","block":{"block_types":{"ipv4":{"nesting_mode":"set","block":{"attributes":{"addr":{"type":"string","description_kind":"plain","optional":true}},"description_kind":"plain"}},"ipv6":{"nesting_mode":"set","block":{"attributes":{"addr":{"type":"string","description_kind":"plain","optional":true}},"description_kind":"plain"}}},"description_kind":"plain"}}},"description_kind":"plain"}},"subnets":{"nesting_mode":"list","block":{"block_types":{"ipv4":{"nesting_mode":"set","block":{"attributes":{"plen":{"type":"number","description_kind":"plain","optional":true},"prefix":{"type":"string","description_kind":"plain","optional":true}},"description_kind":"plain"}},"ipv6":{"nesting_mode":"set","block":{"attributes":{"plen":{"type":"number","description_kind":"plain","optional":true},"prefix":{"type":"string","description_kind":"plain","optional":true}},"description_kind":"plain"}}},"description_kind":"plain"}}},"description_kind":"plain"}}},"description_kind":"plain"}}},"description_kind":"plain"}},"outside_static_routes":{"nesting_mode":"set","block":{"block_types":{"static_route_list":{"nesting_mode":"list","block":{"attributes":{"simple_static_route":{"type":"string","description_kind":"plain","optional":true}},"block_types":{"custom_static_route":{"nesting_mode":"set","block":{"attributes":{"attrs":{"type":["list","string"],"description_kind":"plain","optional":true},"labels":{"type":["map","string"],"description_kind":"plain","optional":true}},"block_types":{"nexthop":{"nesting_mode":"set","block":{"attributes":{"type":{"type":"string","description_kind":"plain","optional":true}},"block_types":{"interface":{"nesting_mode":"list","block":{"attributes":{"kind":{"type":"string","description_kind":"plain","computed":true},"name":{"type":"string","description_kind":"plain","optional":true},"namespace":{"type":"string","description_kind":"plain","optional":true},"tenant":{"type":"string","description_kind":"plain","optional":true}},"description_kind":"plain"}},"nexthop_address":{"nesting_mode":"set","block":{"block_types":{"ipv4":{"nesting_mode":"set","block":{"attributes":{"addr":{"type":"string","description_kind":"plain","optional":true}},"description_kind":"plain"}},"ipv6":{"nesting_mode":"set","block":{"attributes":{"addr":{"type":"string","description_kind":"plain","optional":true}},"description_kind":"plain"}}},"description_kind":"plain"}}},"description_kind":"plain"}},"subnets":{"nesting_mode":"list","block":{"block_types":{"ipv4":{"nesting_mode":"set","block":{"attributes":{"plen":{"type":"number","description_kind":"plain","optional":true},"prefix":{"type":"string","description_kind":"plain","optional":true}},"description_kind":"plain"}},"ipv6":{"nesting_mode":"set","block":{"attributes":{"plen":{"type":"number","description_kind":"plain","optional":true},"prefix":{"type":"string","description_kind":"plain","optional":true}},"description_kind":"plain"}}},"description_kind":"plain"}}},"description_kind":"plain"}}},"description_kind":"plain"}}},"description_kind":"plain"}}},"description_kind":"plain"}},"vpc_attachments":{"nesting_mode":"set","block":{"block_types":{"vpc_list":{"nesting_mode":"list","block":{"attributes":{"labels":{"type":["map","string"],"description_kind":"plain","optional":true},"vpc_id":{"type":"string","description_kind":"plain","optional":true}},"description_kind":"plain"}}},"description_kind":"plain"}}},"description_kind":"plain"}},"volterra_aws_vpc_site":{"version":0,"block":{"attributes":{"address":{"type":"string","description_kind":"plain","optional":true},"annotations":{"type":["map","string"],"description_kind":"plain","optional":true},"assisted":{"type":"bool","description_kind":"plain","optional":true},"aws_region":{"type":"string","description_kind":"plain","required":true},"description":{"type":"string","description_kind":"plain","optional":true},"disable":{"type":"bool","description_kind":"plain","optional":true},"disk_size":{"type":"number","description_kind":"plain","optional":true},"id":{"type":"string","description_kind":"plain","optional":true,"computed":true},"instance_type":{"type":"string","description_kind":"plain","required":true},"labels":{"type":["map","string"],"description_kind":"plain","optional":true},"logs_streaming_disabled":{"type":"bool","description_kind":"plain","optional":true},"name":{"type":"string","description_kind":"plain","required":true},"namespace":{"type":"string","description_kind":"plain","required":true},"no_worker_nodes":{"type":"bool","description_kind":"plain","optional":true},"nodes_per_az":{"type":"number","description_kind":"plain","optional":true},"ssh_key":{"type":"string","description_kind":"plain","optional":true},"total_nodes":{"type":"number","description_kind":"plain","optional":true}},"block_types":{"aws_cred":{"nesting_mode":"set","block":{"attributes":{"name":{"type":"string","description_kind":"plain","optional":true},"namespace":{"type":"string","description_kind":"plain","optional":true},"tenant":{"type":"string","description_kind":"plain","optional":true}},"description_kind":"plain"}},"coordinates":{"nesting_mode":"set","block":{"attributes":{"latitude":{"type":"number","description_kind":"plain","optional":true},"longitude":{"type":"number","description_kind":"plain","optional":true}},"description_kind":"plain"}},"ingress_egress_gw":{"nesting_mode":"set","block":{"attributes":{"aws_certified_hw":{"type":"string","description_kind":"plain","optional":true},"forward_proxy_allow_all":{"type":"bool","description_kind":"plain","optional":true},"no_forward_proxy":{"type":"bool","description_kind":"plain","optional":true},"no_global_network":{"type":"bool","description_kind":"plain","optional":true},"no_inside_static_routes":{"type":"bool","description_kind":"plain","optional":true},"no_network_policy":{"type":"bool","description_kind":"plain","optional":true},"no_outside_static_routes":{"type":"bool","description_kind":"plain","optional":true}},"block_types":{"active_forward_proxy_policies":{"nesting_mode":"set","block":{"block_types":{"forward_proxy_policies":{"nesting_mode":"list","block":{"attributes":{"name":{"type":"string","description_kind":"plain","optional":true},"namespace":{"type":"string","description_kind":"plain","optional":true},"tenant":{"type":"string","description_kind":"plain","optional":true}},"description_kind":"plain"}}},"description_kind":"plain"}},"active_network_policies":{"nesting_mode":"set","block":{"block_types":{"network_policies":{"nesting_mode":"list","block":{"attributes":{"name":{"type":"string","description_kind":"plain","optional":true},"namespace":{"type":"string","description_kind":"plain","optional":true},"tenant":{"type":"string","description_kind":"plain","optional":true}},"description_kind":"plain"}}},"description_kind":"plain"}},"allowed_vip_port":{"nesting_mode":"set","block":{"attributes":{"use_http_https_port":{"type":"bool","description_kind":"plain","optional":true},"use_http_port":{"type":"bool","description_kind":"plain","optional":true},"use_https_port":{"type":"bool","description_kind":"plain","optional":true}},"block_types":{"custom_ports":{"nesting_mode":"set","block":{"attributes":{"port_ranges":{"type":"string","description_kind":"plain","optional":true}},"description_kind":"plain"}}},"description_kind":"plain"}},"allowed_vip_port_sli":{"nesting_mode":"set","block":{"attributes":{"use_http_https_port":{"type":"bool","description_kind":"plain","optional":true},"use_http_port":{"type":"bool","description_kind":"plain","optional":true},"use_https_port":{"type":"bool","description_kind":"plain","optional":true}},"block_types":{"custom_ports":{"nesting_mode":"set","block":{"attributes":{"port_ranges":{"type":"string","description_kind":"plain","optional":true}},"description_kind":"plain"}}},"description_kind":"plain"}},"az_nodes":{"nesting_mode":"list","block":{"attributes":{"aws_az_name":{"type":"string","description_kind":"plain","optional":true},"disk_size":{"type":"number","description_kind":"plain","optional":true},"reserved_inside_subnet":{"type":"bool","description_kind":"plain","optional":true}},"block_types":{"inside_subnet":{"nesting_mode":"set","block":{"attributes":{"existing_subnet_id":{"type":"string","description_kind":"plain","optional":true}},"block_types":{"subnet_param":{"nesting_mode":"set","block":{"attributes":{"ipv4":{"type":"string","description_kind":"plain","optional":true},"ipv6":{"type":"string","description_kind":"plain","optional":true}},"description_kind":"plain"}}},"description_kind":"plain"}},"outside_subnet":{"nesting_mode":"set","block":{"attributes":{"existing_subnet_id":{"type":"string","description_kind":"plain","optional":true}},"block_types":{"subnet_param":{"nesting_mode":"set","block":{"attributes":{"ipv4":{"type":"string","description_kind":"plain","optional":true},"ipv6":{"type":"string","description_kind":"plain","optional":true}},"description_kind":"plain"}}},"description_kind":"plain"}},"workload_subnet":{"nesting_mode":"set","block":{"attributes":{"existing_subnet_id":{"type":"string","description_kind":"plain","optional":true}},"block_types":{"subnet_param":{"nesting_mode":"set","block":{"attributes":{"ipv4":{"type":"string","description_kind":"plain","optional":true},"ipv6":{"type":"string","description_kind":"plain","optional":true}},"description_kind":"plain"}}},"description_kind":"plain"}}},"description_kind":"plain"}},"global_network_list":{"nesting_mode":"set","block":{"block_types":{"global_network_connections":{"nesting_mode":"list","block":{"attributes":{"disable_forward_proxy":{"type":"bool","description_kind":"plain","optional":true}},"block_types":{"enable_forward_proxy":{"nesting_mode":"set","block":{"attributes":{"connection_timeout":{"type":"number","description_kind":"plain","optional":true},"max_connect_attempts":{"type":"number","description_kind":"plain","optional":true},"no_interception":{"type":"bool","description_kind":"plain","optional":true},"white_listed_ports":{"type":["list","number"],"description_kind":"plain","optional":true},"white_listed_prefixes":{"type":["list","string"],"description_kind":"plain","optional":true}},"block_types":{"tls_intercept":{"nesting_mode":"set","block":{"attributes":{"enable_for_all_domains":{"type":"bool","description_kind":"plain","optional":true},"trusted_ca_url":{"type":"string","description_kind":"plain","optional":true},"volterra_certificate":{"type":"bool","description_kind":"plain","optional":true},"volterra_trusted_ca":{"type":"bool","description_kind":"plain","optional":true}},"block_types":{"custom_certificate":{"nesting_mode":"set","block":{"attributes":{"certificate_url":{"type":"string","description_kind":"plain","optional":true},"description":{"type":"string","description_kind":"plain","optional":true}},"block_types":{"private_key":{"nesting_mode":"set","block":{"attributes":{"secret_encoding_type":{"type":"string","description_kind":"plain","optional":true}},"block_types":{"blindfold_secret_info":{"nesting_mode":"set","block":{"attributes":{"decryption_provider":{"type":"string","description_kind":"plain","optional":true},"location":{"type":"string","description_kind":"plain","optional":true},"store_provider":{"type":"string","description_kind":"plain","optional":true}},"description_kind":"plain"}},"blindfold_secret_info_internal":{"nesting_mode":"set","block":{"attributes":{"decryption_provider":{"type":"string","description_kind":"plain","optional":true},"location":{"type":"string","description_kind":"plain","optional":true},"store_provider":{"type":"string","description_kind":"plain","optional":true}},"description_kind":"plain"}},"clear_secret_info":{"nesting_mode":"set","block":{"attributes":{"provider":{"type":"string","description_kind":"plain","optional":true},"url":{"type":"string","description_kind":"plain","optional":true}},"description_kind":"plain"}},"vault_secret_info":{"nesting_mode":"set","block":{"attributes":{"key":{"type":"string","description_kind":"plain","optional":true},"location":{"type":"string","description_kind":"plain","optional":true},"provider":{"type":"string","description_kind":"plain","optional":true},"secret_encoding":{"type":"string","description_kind":"plain","optional":true},"version":{"type":"number","description_kind":"plain","optional":true}},"description_kind":"plain"}},"wingman_secret_info":{"nesting_mode":"set","block":{"attributes":{"name":{"type":"string","description_kind":"plain","optional":true}},"description_kind":"plain"}}},"description_kind":"plain"}}},"description_kind":"plain"}},"policy":{"nesting_mode":"set","block":{"block_types":{"interception_rules":{"nesting_mode":"list","block":{"attributes":{"disable_interception":{"type":"bool","description_kind":"plain","optional":true},"enable_interception":{"type":"bool","description_kind":"plain","optional":true}},"block_types":{"domain_match":{"nesting_mode":"set","block":{"attributes":{"exact_value":{"type":"string","description_kind":"plain","optional":true},"regex_value":{"type":"string","description_kind":"plain","optional":true},"suffix_value":{"type":"string","description_kind":"plain","optional":true}},"description_kind":"plain"}}},"description_kind":"plain"}}},"description_kind":"plain"}}},"description_kind":"plain"}}},"description_kind":"plain"}},"sli_to_global_dr":{"nesting_mode":"set","block":{"block_types":{"global_vn":{"nesting_mode":"set","block":{"attributes":{"kind":{"type":"string","description_kind":"plain","computed":true},"name":{"type":"string","description_kind":"plain","optional":true},"namespace":{"type":"string","description_kind":"plain","optional":true},"tenant":{"type":"string","description_kind":"plain","optional":true}},"description_kind":"plain"}}},"description_kind":"plain"}},"slo_to_global_dr":{"nesting_mode":"set","block":{"block_types":{"global_vn":{"nesting_mode":"set","block":{"attributes":{"kind":{"type":"string","description_kind":"plain","computed":true},"name":{"type":"string","description_kind":"plain","optional":true},"namespace":{"type":"string","description_kind":"plain","optional":true},"tenant":{"type":"string","description_kind":"plain","optional":true}},"description_kind":"plain"}}},"description_kind":"plain"}}},"description_kind":"plain"}}},"description_kind":"plain"}},"inside_static_routes":{"nesting_mode":"set","block":{"block_types":{"static_route_list":{"nesting_mode":"list","block":{"attributes":{"simple_static_route":{"type":"string","description_kind":"plain","optional":true}},"block_types":{"custom_static_route":{"nesting_mode":"set","block":{"attributes":{"attrs":{"type":["list","string"],"description_kind":"plain","optional":true},"labels":{"type":["map","string"],"description_kind":"plain","optional":true}},"block_types":{"nexthop":{"nesting_mode":"set","block":{"attributes":{"type":{"type":"string","description_kind":"plain","optional":true}},"block_types":{"interface":{"nesting_mode":"list","block":{"attributes":{"kind":{"type":"string","description_kind":"plain","computed":true},"name":{"type":"string","description_kind":"plain","optional":true},"namespace":{"type":"string","description_kind":"plain","optional":true},"tenant":{"type":"string","description_kind":"plain","optional":true}},"description_kind":"plain"}},"nexthop_address":{"nesting_mode":"set","block":{"block_types":{"ipv4":{"nesting_mode":"set","block":{"attributes":{"addr":{"type":"string","description_kind":"plain","optional":true}},"description_kind":"plain"}},"ipv6":{"nesting_mode":"set","block":{"attributes":{"addr":{"type":"string","description_kind":"plain","optional":true}},"description_kind":"plain"}}},"description_kind":"plain"}}},"description_kind":"plain"}},"subnets":{"nesting_mode":"list","block":{"block_types":{"ipv4":{"nesting_mode":"set","block":{"attributes":{"plen":{"type":"number","description_kind":"plain","optional":true},"prefix":{"type":"string","description_kind":"plain","optional":true}},"description_kind":"plain"}},"ipv6":{"nesting_mode":"set","block":{"attributes":{"plen":{"type":"number","description_kind":"plain","optional":true},"prefix":{"type":"string","description_kind":"plain","optional":true}},"description_kind":"plain"}}},"description_kind":"plain"}}},"description_kind":"plain"}}},"description_kind":"plain"}}},"description_kind":"plain"}},"outside_static_routes":{"nesting_mode":"set","block":{"block_types":{"static_route_list":{"nesting_mode":"list","block":{"attributes":{"simple_static_route":{"type":"string","description_kind":"plain","optional":true}},"block_types":{"custom_static_route":{"nesting_mode":"set","block":{"attributes":{"attrs":{"type":["list","string"],"description_kind":"plain","optional":true},"labels":{"type":["map","string"],"description_kind":"plain","optional":true}},"block_types":{"nexthop":{"nesting_mode":"set","block":{"attributes":{"type":{"type":"string","description_kind":"plain","optional":true}},"block_types":{"interface":{"nesting_mode":"list","block":{"attributes":{"kind":{"type":"string","description_kind":"plain","computed":true},"name":{"type":"string","description_kind":"plain","optional":true},"namespace":{"type":"string","description_kind":"plain","optional":true},"tenant":{"type":"string","description_kind":"plain","optional":true}},"description_kind":"plain"}},"nexthop_address":{"nesting_mode":"set","block":{"block_types":{"ipv4":{"nesting_mode":"set","block":{"attributes":{"addr":{"type":"string","description_kind":"plain","optional":true}},"description_kind":"plain"}},"ipv6":{"nesting_mode":"set","block":{"attributes":{"addr":{"type":"string","description_kind":"plain","optional":true}},"description_kind":"plain"}}},"description_kind":"plain"}}},"description_kind":"plain"}},"subnets":{"nesting_mode":"list","block":{"block_types":{"ipv4":{"nesting_mode":"set","block":{"attributes":{"plen":{"type":"number","description_kind":"plain","optional":true},"prefix":{"type":"string","description_kind":"plain","optional":true}},"description_kind":"plain"}},"ipv6":{"nesting_mode":"set","block":{"attributes":{"plen":{"type":"number","description_kind":"plain","optional":true},"prefix":{"type":"string","description_kind":"plain","optional":true}},"description_kind":"plain"}}},"description_kind":"plain"}}},"description_kind":"plain"}}},"description_kind":"plain"}}},"description_kind":"plain"}}},"description_kind":"plain"}},"ingress_gw":{"nesting_mode":"set","block":{"attributes":{"aws_certified_hw":{"type":"string","description_kind":"plain","optional":true}},"block_types":{"allowed_vip_port":{"nesting_mode":"set","block":{"attributes":{"use_http_https_port":{"type":"bool","description_kind":"plain","optional":true},"use_http_port":{"type":"bool","description_kind":"plain","optional":true},"use_https_port":{"type":"bool","description_kind":"plain","optional":true}},"block_types":{"custom_ports":{"nesting_mode":"set","block":{"attributes":{"port_ranges":{"type":"string","description_kind":"plain","optional":true}},"description_kind":"plain"}}},"description_kind":"plain"}},"az_nodes":{"nesting_mode":"list","block":{"attributes":{"aws_az_name":{"type":"string","description_kind":"plain","optional":true},"disk_size":{"type":"number","description_kind":"plain","optional":true}},"block_types":{"local_subnet":{"nesting_mode":"set","block":{"attributes":{"existing_subnet_id":{"type":"string","description_kind":"plain","optional":true}},"block_types":{"subnet_param":{"nesting_mode":"set","block":{"attributes":{"ipv4":{"type":"string","description_kind":"plain","optional":true},"ipv6":{"type":"string","description_kind":"plain","optional":true}},"description_kind":"plain"}}},"description_kind":"plain"}}},"description_kind":"plain"}}},"description_kind":"plain"}},"log_receiver":{"nesting_mode":"set","block":{"attributes":{"name":{"type":"string","description_kind":"plain","optional":true},"namespace":{"type":"string","description_kind":"plain","optional":true},"tenant":{"type":"string","description_kind":"plain","optional":true}},"description_kind":"plain"}},"os":{"nesting_mode":"set","block":{"attributes":{"default_os_version":{"type":"bool","description_kind":"plain","optional":true},"operating_system_version":{"type":"string","description_kind":"plain","optional":true}},"description_kind":"plain"}},"sw":{"nesting_mode":"set","block":{"attributes":{"default_sw_version":{"type":"bool","description_kind":"plain","optional":true},"volterra_software_version":{"type":"string","description_kind":"plain","optional":true}},"description_kind":"plain"}},"voltstack_cluster":{"nesting_mode":"set","block":{"attributes":{"aws_certified_hw":{"type":"string","description_kind":"plain","optional":true},"default_storage":{"type":"bool","description_kind":"plain","optional":true},"forward_proxy_allow_all":{"type":"bool","description_kind":"plain","optional":true},"no_forward_proxy":{"type":"bool","description_kind":"plain","optional":true},"no_global_network":{"type":"bool","description_kind":"plain","optional":true},"no_k8s_cluster":{"type":"bool","description_kind":"plain","optional":true},"no_network_policy":{"type":"bool","description_kind":"plain","optional":true},"no_outside_static_routes":{"type":"bool","description_kind":"plain","optional":true}},"block_types":{"active_forward_proxy_policies":{"nesting_mode":"set","block":{"block_types":{"forward_proxy_policies":{"nesting_mode":"list","block":{"attributes":{"name":{"type":"string","description_kind":"plain","optional":true},"namespace":{"type":"string","description_kind":"plain","optional":true},"tenant":{"type":"string","description_kind":"plain","optional":true}},"description_kind":"plain"}}},"description_kind":"plain"}},"active_network_policies":{"nesting_mode":"set","block":{"block_types":{"network_policies":{"nesting_mode":"list","block":{"attributes":{"name":{"type":"string","description_kind":"plain","optional":true},"namespace":{"type":"string","description_kind":"plain","optional":true},"tenant":{"type":"string","description_kind":"plain","optional":true}},"description_kind":"plain"}}},"description_kind":"plain"}},"allowed_vip_port":{"nesting_mode":"set","block":{"attributes":{"use_http_https_port":{"type":"bool","description_kind":"plain","optional":true},"use_http_port":{"type":"bool","description_kind":"plain","optional":true},"use_https_port":{"type":"bool","description_kind":"plain","optional":true}},"block_types":{"custom_ports":{"nesting_mode":"set","block":{"attributes":{"port_ranges":{"type":"string","description_kind":"plain","optional":true}},"description_kind":"plain"}}},"description_kind":"plain"}},"az_nodes":{"nesting_mode":"list","block":{"attributes":{"aws_az_name":{"type":"string","description_kind":"plain","optional":true},"disk_size":{"type":"number","description_kind":"plain","optional":true}},"block_types":{"local_subnet":{"nesting_mode":"set","block":{"attributes":{"existing_subnet_id":{"type":"string","description_kind":"plain","optional":true}},"block_types":{"subnet_param":{"nesting_mode":"set","block":{"attributes":{"ipv4":{"type":"string","description_kind":"plain","optional":true},"ipv6":{"type":"string","description_kind":"plain","optional":true}},"description_kind":"plain"}}},"description_kind":"plain"}}},"description_kind":"plain"}},"global_network_list":{"nesting_mode":"set","block":{"block_types":{"global_network_connections":{"nesting_mode":"list","block":{"attributes":{"disable_forward_proxy":{"type":"bool","description_kind":"plain","optional":true}},"block_types":{"enable_forward_proxy":{"nesting_mode":"set","block":{"attributes":{"connection_timeout":{"type":"number","description_kind":"plain","optional":true},"max_connect_attempts":{"type":"number","description_kind":"plain","optional":true},"no_interception":{"type":"bool","description_kind":"plain","optional":true},"white_listed_ports":{"type":["list","number"],"description_kind":"plain","optional":true},"white_listed_prefixes":{"type":["list","string"],"description_kind":"plain","optional":true}},"block_types":{"tls_intercept":{"nesting_mode":"set","block":{"attributes":{"enable_for_all_domains":{"type":"bool","description_kind":"plain","optional":true},"trusted_ca_url":{"type":"string","description_kind":"plain","optional":true},"volterra_certificate":{"type":"bool","description_kind":"plain","optional":true},"volterra_trusted_ca":{"type":"bool","description_kind":"plain","optional":true}},"block_types":{"custom_certificate":{"nesting_mode":"set","block":{"attributes":{"certificate_url":{"type":"string","description_kind":"plain","optional":true},"description":{"type":"string","description_kind":"plain","optional":true}},"block_types":{"private_key":{"nesting_mode":"set","block":{"attributes":{"secret_encoding_type":{"type":"string","description_kind":"plain","optional":true}},"block_types":{"blindfold_secret_info":{"nesting_mode":"set","block":{"attributes":{"decryption_provider":{"type":"string","description_kind":"plain","optional":true},"location":{"type":"string","description_kind":"plain","optional":true},"store_provider":{"type":"string","description_kind":"plain","optional":true}},"description_kind":"plain"}},"blindfold_secret_info_internal":{"nesting_mode":"set","block":{"attributes":{"decryption_provider":{"type":"string","description_kind":"plain","optional":true},"location":{"type":"string","description_kind":"plain","optional":true},"store_provider":{"type":"string","description_kind":"plain","optional":true}},"description_kind":"plain"}},"clear_secret_info":{"nesting_mode":"set","block":{"attributes":{"provider":{"type":"string","description_kind":"plain","optional":true},"url":{"type":"string","description_kind":"plain","optional":true}},"description_kind":"plain"}},"vault_secret_info":{"nesting_mode":"set","block":{"attributes":{"key":{"type":"string","description_kind":"plain","optional":true},"location":{"type":"string","description_kind":"plain","optional":true},"provider":{"type":"string","description_kind":"plain","optional":true},"secret_encoding":{"type":"string","description_kind":"plain","optional":true},"version":{"type":"number","description_kind":"plain","optional":true}},"description_kind":"plain"}},"wingman_secret_info":{"nesting_mode":"set","block":{"attributes":{"name":{"type":"string","description_kind":"plain","optional":true}},"description_kind":"plain"}}},"description_kind":"plain"}}},"description_kind":"plain"}},"policy":{"nesting_mode":"set","block":{"block_types":{"interception_rules":{"nesting_mode":"list","block":{"attributes":{"disable_interception":{"type":"bool","description_kind":"plain","optional":true},"enable_interception":{"type":"bool","description_kind":"plain","optional":true}},"block_types":{"domain_match":{"nesting_mode":"set","block":{"attributes":{"exact_value":{"type":"string","description_kind":"plain","optional":true},"regex_value":{"type":"string","description_kind":"plain","optional":true},"suffix_value":{"type":"string","description_kind":"plain","optional":true}},"description_kind":"plain"}}},"description_kind":"plain"}}},"description_kind":"plain"}}},"description_kind":"plain"}}},"description_kind":"plain"}},"sli_to_global_dr":{"nesting_mode":"set","block":{"block_types":{"global_vn":{"nesting_mode":"set","block":{"attributes":{"kind":{"type":"string","description_kind":"plain","computed":true},"name":{"type":"string","description_kind":"plain","optional":true},"namespace":{"type":"string","description_kind":"plain","optional":true},"tenant":{"type":"string","description_kind":"plain","optional":true}},"description_kind":"plain"}}},"description_kind":"plain"}},"slo_to_global_dr":{"nesting_mode":"set","block":{"block_types":{"global_vn":{"nesting_mode":"set","block":{"attributes":{"kind":{"type":"string","description_kind":"plain","computed":true},"name":{"type":"string","description_kind":"plain","optional":true},"namespace":{"type":"string","description_kind":"plain","optional":true},"tenant":{"type":"string","description_kind":"plain","optional":true}},"description_kind":"plain"}}},"description_kind":"plain"}}},"description_kind":"plain"}}},"description_kind":"plain"}},"k8s_cluster":{"nesting_mode":"set","block":{"attributes":{"name":{"type":"string","description_kind":"plain","optional":true},"namespace":{"type":"string","description_kind":"plain","optional":true},"tenant":{"type":"string","description_kind":"plain","optional":true}},"description_kind":"plain"}},"outside_static_routes":{"nesting_mode":"set","block":{"block_types":{"static_route_list":{"nesting_mode":"list","block":{"attributes":{"simple_static_route":{"type":"string","description_kind":"plain","optional":true}},"block_types":{"custom_static_route":{"nesting_mode":"set","block":{"attributes":{"attrs":{"type":["list","string"],"description_kind":"plain","optional":true},"labels":{"type":["map","string"],"description_kind":"plain","optional":true}},"block_types":{"nexthop":{"nesting_mode":"set","block":{"attributes":{"type":{"type":"string","description_kind":"plain","optional":true}},"block_types":{"interface":{"nesting_mode":"list","block":{"attributes":{"kind":{"type":"string","description_kind":"plain","computed":true},"name":{"type":"string","description_kind":"plain","optional":true},"namespace":{"type":"string","description_kind":"plain","optional":true},"tenant":{"type":"string","description_kind":"plain","optional":true}},"description_kind":"plain"}},"nexthop_address":{"nesting_mode":"set","block":{"block_types":{"ipv4":{"nesting_mode":"set","block":{"attributes":{"addr":{"type":"string","description_kind":"plain","optional":true}},"description_kind":"plain"}},"ipv6":{"nesting_mode":"set","block":{"attributes":{"addr":{"type":"string","description_kind":"plain","optional":true}},"description_kind":"plain"}}},"description_kind":"plain"}}},"description_kind":"plain"}},"subnets":{"nesting_mode":"list","block":{"block_types":{"ipv4":{"nesting_mode":"set","block":{"attributes":{"plen":{"type":"number","description_kind":"plain","optional":true},"prefix":{"type":"string","description_kind":"plain","optional":true}},"description_kind":"plain"}},"ipv6":{"nesting_mode":"set","block":{"attributes":{"plen":{"type":"number","description_kind":"plain","optional":true},"prefix":{"type":"string","description_kind":"plain","optional":true}},"description_kind":"plain"}}},"description_kind":"plain"}}},"description_kind":"plain"}}},"description_kind":"plain"}}},"description_kind":"plain"}},"storage_class_list":{"nesting_mode":"set","block":{"block_types":{"storage_classes":{"nesting_mode":"list","block":{"attributes":{"default_storage_class":{"type":"bool","description_kind":"plain","optional":true},"storage_class_name":{"type":"string","description_kind":"plain","optional":true}},"block_types":{"openebs_enterprise":{"nesting_mode":"set","block":{"attributes":{"replication":{"type":"number","description_kind":"plain","optional":true},"storage_class_size":{"type":"number","description_kind":"plain","optional":true}},"description_kind":"plain"}}},"description_kind":"plain"}}},"description_kind":"plain"}}},"description_kind":"plain"}},"vpc":{"nesting_mode":"set","block":{"attributes":{"vpc_id":{"type":"string","description_kind":"plain","optional":true}},"block_types":{"new_vpc":{"nesting_mode":"set","block":{"attributes":{"allocate_ipv6":{"type":"bool","description_kind":"plain","optional":true},"autogenerate":{"type":"bool","description_kind":"plain","optional":true},"name_tag":{"type":"string","description_kind":"plain","optional":true},"primary_ipv4":{"type":"string","description_kind":"plain","optional":true}},"description_kind":"plain"}}},"description_kind":"plain"}}},"description_kind":"plain"}},"volterra_azure_vnet_site":{"version":0,"block":{"attributes":{"address":{"type":"string","description_kind":"plain","optional":true},"alternate_region":{"type":"string","description_kind":"plain","optional":true},"annotations":{"type":["map","string"],"description_kind":"plain","optional":true},"assisted":{"type":"bool","description_kind":"plain","optional":true},"azure_region":{"type":"string","description_kind":"plain","optional":true},"description":{"type":"string","description_kind":"plain","optional":true},"disable":{"type":"bool","description_kind":"plain","optional":true},"disk_size":{"type":"number","description_kind":"plain","optional":true},"id":{"type":"string","description_kind":"plain","optional":true,"computed":true},"labels":{"type":["map","string"],"description_kind":"plain","optional":true},"logs_streaming_disabled":{"type":"bool","description_kind":"plain","optional":true},"machine_type":{"type":"string","description_kind":"plain","optional":true},"name":{"type":"string","description_kind":"plain","required":true},"namespace":{"type":"string","description_kind":"plain","required":true},"no_worker_nodes":{"type":"bool","description_kind":"plain","optional":true},"nodes_per_az":{"type":"number","description_kind":"plain","optional":true},"resource_group":{"type":"string","description_kind":"plain","required":true},"ssh_key":{"type":"string","description_kind":"plain","optional":true},"total_nodes":{"type":"number","description_kind":"plain","optional":true}},"block_types":{"azure_cred":{"nesting_mode":"set","block":{"attributes":{"name":{"type":"string","description_kind":"plain","optional":true},"namespace":{"type":"string","description_kind":"plain","optional":true},"tenant":{"type":"string","description_kind":"plain","optional":true}},"description_kind":"plain"}},"coordinates":{"nesting_mode":"set","block":{"attributes":{"latitude":{"type":"number","description_kind":"plain","optional":true},"longitude":{"type":"number","description_kind":"plain","optional":true}},"description_kind":"plain"}},"ingress_egress_gw":{"nesting_mode":"set","block":{"attributes":{"azure_certified_hw":{"type":"string","description_kind":"plain","optional":true},"forward_proxy_allow_all":{"type":"bool","description_kind":"plain","optional":true},"no_forward_proxy":{"type":"bool","description_kind":"plain","optional":true},"no_global_network":{"type":"bool","description_kind":"plain","optional":true},"no_inside_static_routes":{"type":"bool","description_kind":"plain","optional":true},"no_network_policy":{"type":"bool","description_kind":"plain","optional":true},"no_outside_static_routes":{"type":"bool","description_kind":"plain","optional":true}},"block_types":{"active_forward_proxy_policies":{"nesting_mode":"set","block":{"block_types":{"forward_proxy_policies":{"nesting_mode":"list","block":{"attributes":{"name":{"type":"string","description_kind":"plain","optional":true},"namespace":{"type":"string","description_kind":"plain","optional":true},"tenant":{"type":"string","description_kind":"plain","optional":true}},"description_kind":"plain"}}},"description_kind":"plain"}},"active_network_policies":{"nesting_mode":"set","block":{"block_types":{"network_policies":{"nesting_mode":"list","block":{"attributes":{"name":{"type":"string","description_kind":"plain","optional":true},"namespace":{"type":"string","description_kind":"plain","optional":true},"tenant":{"type":"string","description_kind":"plain","optional":true}},"description_kind":"plain"}}},"description_kind":"plain"}},"az_nodes":{"nesting_mode":"list","block":{"attributes":{"azure_az":{"type":"string","description_kind":"plain","optional":true},"disk_size":{"type":"number","description_kind":"plain","optional":true}},"block_types":{"inside_subnet":{"nesting_mode":"set","block":{"block_types":{"subnet":{"nesting_mode":"set","block":{"attributes":{"subnet_name":{"type":"string","description_kind":"plain","optional":true},"subnet_resource_grp":{"type":"string","description_kind":"plain","optional":true},"vnet_resource_group":{"type":"bool","description_kind":"plain","optional":true}},"description_kind":"plain"}},"subnet_param":{"nesting_mode":"set","block":{"attributes":{"ipv4":{"type":"string","description_kind":"plain","optional":true},"ipv6":{"type":"string","description_kind":"plain","optional":true}},"description_kind":"plain"}}},"description_kind":"plain"}},"outside_subnet":{"nesting_mode":"set","block":{"block_types":{"subnet":{"nesting_mode":"set","block":{"attributes":{"subnet_name":{"type":"string","description_kind":"plain","optional":true},"subnet_resource_grp":{"type":"string","description_kind":"plain","optional":true},"vnet_resource_group":{"type":"bool","description_kind":"plain","optional":true}},"description_kind":"plain"}},"subnet_param":{"nesting_mode":"set","block":{"attributes":{"ipv4":{"type":"string","description_kind":"plain","optional":true},"ipv6":{"type":"string","description_kind":"plain","optional":true}},"description_kind":"plain"}}},"description_kind":"plain"}}},"description_kind":"plain"}},"global_network_list":{"nesting_mode":"set","block":{"block_types":{"global_network_connections":{"nesting_mode":"list","block":{"attributes":{"disable_forward_proxy":{"type":"bool","description_kind":"plain","optional":true}},"block_types":{"enable_forward_proxy":{"nesting_mode":"set","block":{"attributes":{"connection_timeout":{"type":"number","description_kind":"plain","optional":true},"max_connect_attempts":{"type":"number","description_kind":"plain","optional":true},"no_interception":{"type":"bool","description_kind":"plain","optional":true},"white_listed_ports":{"type":["list","number"],"description_kind":"plain","optional":true},"white_listed_prefixes":{"type":["list","string"],"description_kind":"plain","optional":true}},"block_types":{"tls_intercept":{"nesting_mode":"set","block":{"attributes":{"enable_for_all_domains":{"type":"bool","description_kind":"plain","optional":true},"trusted_ca_url":{"type":"string","description_kind":"plain","optional":true},"volterra_certificate":{"type":"bool","description_kind":"plain","optional":true},"volterra_trusted_ca":{"type":"bool","description_kind":"plain","optional":true}},"block_types":{"custom_certificate":{"nesting_mode":"set","block":{"attributes":{"certificate_url":{"type":"string","description_kind":"plain","optional":true},"description":{"type":"string","description_kind":"plain","optional":true}},"block_types":{"private_key":{"nesting_mode":"set","block":{"attributes":{"secret_encoding_type":{"type":"string","description_kind":"plain","optional":true}},"block_types":{"blindfold_secret_info":{"nesting_mode":"set","block":{"attributes":{"decryption_provider":{"type":"string","description_kind":"plain","optional":true},"location":{"type":"string","description_kind":"plain","optional":true},"store_provider":{"type":"string","description_kind":"plain","optional":true}},"description_kind":"plain"}},"blindfold_secret_info_internal":{"nesting_mode":"set","block":{"attributes":{"decryption_provider":{"type":"string","description_kind":"plain","optional":true},"location":{"type":"string","description_kind":"plain","optional":true},"store_provider":{"type":"string","description_kind":"plain","optional":true}},"description_kind":"plain"}},"clear_secret_info":{"nesting_mode":"set","block":{"attributes":{"provider":{"type":"string","description_kind":"plain","optional":true},"url":{"type":"string","description_kind":"plain","optional":true}},"description_kind":"plain"}},"vault_secret_info":{"nesting_mode":"set","block":{"attributes":{"key":{"type":"string","description_kind":"plain","optional":true},"location":{"type":"string","description_kind":"plain","optional":true},"provider":{"type":"string","description_kind":"plain","optional":true},"secret_encoding":{"type":"string","description_kind":"plain","optional":true},"version":{"type":"number","description_kind":"plain","optional":true}},"description_kind":"plain"}},"wingman_secret_info":{"nesting_mode":"set","block":{"attributes":{"name":{"type":"string","description_kind":"plain","optional":true}},"description_kind":"plain"}}},"description_kind":"plain"}}},"description_kind":"plain"}},"policy":{"nesting_mode":"set","block":{"block_types":{"interception_rules":{"nesting_mode":"list","block":{"attributes":{"disable_interception":{"type":"bool","description_kind":"plain","optional":true},"enable_interception":{"type":"bool","description_kind":"plain","optional":true}},"block_types":{"domain_match":{"nesting_mode":"set","block":{"attributes":{"exact_value":{"type":"string","description_kind":"plain","optional":true},"regex_value":{"type":"string","description_kind":"plain","optional":true},"suffix_value":{"type":"string","description_kind":"plain","optional":true}},"description_kind":"plain"}}},"description_kind":"plain"}}},"description_kind":"plain"}}},"description_kind":"plain"}}},"description_kind":"plain"}},"sli_to_global_dr":{"nesting_mode":"set","block":{"block_types":{"global_vn":{"nesting_mode":"set","block":{"attributes":{"kind":{"type":"string","description_kind":"plain","computed":true},"name":{"type":"string","description_kind":"plain","optional":true},"namespace":{"type":"string","description_kind":"plain","optional":true},"tenant":{"type":"string","description_kind":"plain","optional":true}},"description_kind":"plain"}}},"description_kind":"plain"}},"slo_to_global_dr":{"nesting_mode":"set","block":{"block_types":{"global_vn":{"nesting_mode":"set","block":{"attributes":{"kind":{"type":"string","description_kind":"plain","computed":true},"name":{"type":"string","description_kind":"plain","optional":true},"namespace":{"type":"string","description_kind":"plain","optional":true},"tenant":{"type":"string","description_kind":"plain","optional":true}},"description_kind":"plain"}}},"description_kind":"plain"}}},"description_kind":"plain"}}},"description_kind":"plain"}},"inside_static_routes":{"nesting_mode":"set","block":{"block_types":{"static_route_list":{"nesting_mode":"list","block":{"attributes":{"simple_static_route":{"type":"string","description_kind":"plain","optional":true}},"block_types":{"custom_static_route":{"nesting_mode":"set","block":{"attributes":{"attrs":{"type":["list","string"],"description_kind":"plain","optional":true},"labels":{"type":["map","string"],"description_kind":"plain","optional":true}},"block_types":{"nexthop":{"nesting_mode":"set","block":{"attributes":{"type":{"type":"string","description_kind":"plain","optional":true}},"block_types":{"interface":{"nesting_mode":"list","block":{"attributes":{"kind":{"type":"string","description_kind":"plain","computed":true},"name":{"type":"string","description_kind":"plain","optional":true},"namespace":{"type":"string","description_kind":"plain","optional":true},"tenant":{"type":"string","description_kind":"plain","optional":true}},"description_kind":"plain"}},"nexthop_address":{"nesting_mode":"set","block":{"block_types":{"ipv4":{"nesting_mode":"set","block":{"attributes":{"addr":{"type":"string","description_kind":"plain","optional":true}},"description_kind":"plain"}},"ipv6":{"nesting_mode":"set","block":{"attributes":{"addr":{"type":"string","description_kind":"plain","optional":true}},"description_kind":"plain"}}},"description_kind":"plain"}}},"description_kind":"plain"}},"subnets":{"nesting_mode":"list","block":{"block_types":{"ipv4":{"nesting_mode":"set","block":{"attributes":{"plen":{"type":"number","description_kind":"plain","optional":true},"prefix":{"type":"string","description_kind":"plain","optional":true}},"description_kind":"plain"}},"ipv6":{"nesting_mode":"set","block":{"attributes":{"plen":{"type":"number","description_kind":"plain","optional":true},"prefix":{"type":"string","description_kind":"plain","optional":true}},"description_kind":"plain"}}},"description_kind":"plain"}}},"description_kind":"plain"}}},"description_kind":"plain"}}},"description_kind":"plain"}},"outside_static_routes":{"nesting_mode":"set","block":{"block_types":{"static_route_list":{"nesting_mode":"list","block":{"attributes":{"simple_static_route":{"type":"string","description_kind":"plain","optional":true}},"block_types":{"custom_static_route":{"nesting_mode":"set","block":{"attributes":{"attrs":{"type":["list","string"],"description_kind":"plain","optional":true},"labels":{"type":["map","string"],"description_kind":"plain","optional":true}},"block_types":{"nexthop":{"nesting_mode":"set","block":{"attributes":{"type":{"type":"string","description_kind":"plain","optional":true}},"block_types":{"interface":{"nesting_mode":"list","block":{"attributes":{"kind":{"type":"string","description_kind":"plain","computed":true},"name":{"type":"string","description_kind":"plain","optional":true},"namespace":{"type":"string","description_kind":"plain","optional":true},"tenant":{"type":"string","description_kind":"plain","optional":true}},"description_kind":"plain"}},"nexthop_address":{"nesting_mode":"set","block":{"block_types":{"ipv4":{"nesting_mode":"set","block":{"attributes":{"addr":{"type":"string","description_kind":"plain","optional":true}},"description_kind":"plain"}},"ipv6":{"nesting_mode":"set","block":{"attributes":{"addr":{"type":"string","description_kind":"plain","optional":true}},"description_kind":"plain"}}},"description_kind":"plain"}}},"description_kind":"plain"}},"subnets":{"nesting_mode":"list","block":{"block_types":{"ipv4":{"nesting_mode":"set","block":{"attributes":{"plen":{"type":"number","description_kind":"plain","optional":true},"prefix":{"type":"string","description_kind":"plain","optional":true}},"description_kind":"plain"}},"ipv6":{"nesting_mode":"set","block":{"attributes":{"plen":{"type":"number","description_kind":"plain","optional":true},"prefix":{"type":"string","description_kind":"plain","optional":true}},"description_kind":"plain"}}},"description_kind":"plain"}}},"description_kind":"plain"}}},"description_kind":"plain"}}},"description_kind":"plain"}}},"description_kind":"plain"}},"ingress_egress_gw_ar":{"nesting_mode":"set","block":{"attributes":{"azure_certified_hw":{"type":"string","description_kind":"plain","optional":true},"forward_proxy_allow_all":{"type":"bool","description_kind":"plain","optional":true},"no_forward_proxy":{"type":"bool","description_kind":"plain","optional":true},"no_global_network":{"type":"bool","description_kind":"plain","optional":true},"no_inside_static_routes":{"type":"bool","description_kind":"plain","optional":true},"no_network_policy":{"type":"bool","description_kind":"plain","optional":true},"no_outside_static_routes":{"type":"bool","description_kind":"plain","optional":true}},"block_types":{"active_forward_proxy_policies":{"nesting_mode":"set","block":{"block_types":{"forward_proxy_policies":{"nesting_mode":"list","block":{"attributes":{"name":{"type":"string","description_kind":"plain","optional":true},"namespace":{"type":"string","description_kind":"plain","optional":true},"tenant":{"type":"string","description_kind":"plain","optional":true}},"description_kind":"plain"}}},"description_kind":"plain"}},"active_network_policies":{"nesting_mode":"set","block":{"block_types":{"network_policies":{"nesting_mode":"list","block":{"attributes":{"name":{"type":"string","description_kind":"plain","optional":true},"namespace":{"type":"string","description_kind":"plain","optional":true},"tenant":{"type":"string","description_kind":"plain","optional":true}},"description_kind":"plain"}}},"description_kind":"plain"}},"global_network_list":{"nesting_mode":"set","block":{"block_types":{"global_network_connections":{"nesting_mode":"list","block":{"attributes":{"disable_forward_proxy":{"type":"bool","description_kind":"plain","optional":true}},"block_types":{"enable_forward_proxy":{"nesting_mode":"set","block":{"attributes":{"connection_timeout":{"type":"number","description_kind":"plain","optional":true},"max_connect_attempts":{"type":"number","description_kind":"plain","optional":true},"no_interception":{"type":"bool","description_kind":"plain","optional":true},"white_listed_ports":{"type":["list","number"],"description_kind":"plain","optional":true},"white_listed_prefixes":{"type":["list","string"],"description_kind":"plain","optional":true}},"block_types":{"tls_intercept":{"nesting_mode":"set","block":{"attributes":{"enable_for_all_domains":{"type":"bool","description_kind":"plain","optional":true},"trusted_ca_url":{"type":"string","description_kind":"plain","optional":true},"volterra_certificate":{"type":"bool","description_kind":"plain","optional":true},"volterra_trusted_ca":{"type":"bool","description_kind":"plain","optional":true}},"block_types":{"custom_certificate":{"nesting_mode":"set","block":{"attributes":{"certificate_url":{"type":"string","description_kind":"plain","optional":true},"description":{"type":"string","description_kind":"plain","optional":true}},"block_types":{"private_key":{"nesting_mode":"set","block":{"attributes":{"secret_encoding_type":{"type":"string","description_kind":"plain","optional":true}},"block_types":{"blindfold_secret_info":{"nesting_mode":"set","block":{"attributes":{"decryption_provider":{"type":"string","description_kind":"plain","optional":true},"location":{"type":"string","description_kind":"plain","optional":true},"store_provider":{"type":"string","description_kind":"plain","optional":true}},"description_kind":"plain"}},"blindfold_secret_info_internal":{"nesting_mode":"set","block":{"attributes":{"decryption_provider":{"type":"string","description_kind":"plain","optional":true},"location":{"type":"string","description_kind":"plain","optional":true},"store_provider":{"type":"string","description_kind":"plain","optional":true}},"description_kind":"plain"}},"clear_secret_info":{"nesting_mode":"set","block":{"attributes":{"provider":{"type":"string","description_kind":"plain","optional":true},"url":{"type":"string","description_kind":"plain","optional":true}},"description_kind":"plain"}},"vault_secret_info":{"nesting_mode":"set","block":{"attributes":{"key":{"type":"string","description_kind":"plain","optional":true},"location":{"type":"string","description_kind":"plain","optional":true},"provider":{"type":"string","description_kind":"plain","optional":true},"secret_encoding":{"type":"string","description_kind":"plain","optional":true},"version":{"type":"number","description_kind":"plain","optional":true}},"description_kind":"plain"}},"wingman_secret_info":{"nesting_mode":"set","block":{"attributes":{"name":{"type":"string","description_kind":"plain","optional":true}},"description_kind":"plain"}}},"description_kind":"plain"}}},"description_kind":"plain"}},"policy":{"nesting_mode":"set","block":{"block_types":{"interception_rules":{"nesting_mode":"list","block":{"attributes":{"disable_interception":{"type":"bool","description_kind":"plain","optional":true},"enable_interception":{"type":"bool","description_kind":"plain","optional":true}},"block_types":{"domain_match":{"nesting_mode":"set","block":{"attributes":{"exact_value":{"type":"string","description_kind":"plain","optional":true},"regex_value":{"type":"string","description_kind":"plain","optional":true},"suffix_value":{"type":"string","description_kind":"plain","optional":true}},"description_kind":"plain"}}},"description_kind":"plain"}}},"description_kind":"plain"}}},"description_kind":"plain"}}},"description_kind":"plain"}},"sli_to_global_dr":{"nesting_mode":"set","block":{"block_types":{"global_vn":{"nesting_mode":"set","block":{"attributes":{"kind":{"type":"string","description_kind":"plain","computed":true},"name":{"type":"string","description_kind":"plain","optional":true},"namespace":{"type":"string","description_kind":"plain","optional":true},"tenant":{"type":"string","description_kind":"plain","optional":true}},"description_kind":"plain"}}},"description_kind":"plain"}},"slo_to_global_dr":{"nesting_mode":"set","block":{"block_types":{"global_vn":{"nesting_mode":"set","block":{"attributes":{"kind":{"type":"string","description_kind":"plain","computed":true},"name":{"type":"string","description_kind":"plain","optional":true},"namespace":{"type":"string","description_kind":"plain","optional":true},"tenant":{"type":"string","description_kind":"plain","optional":true}},"description_kind":"plain"}}},"description_kind":"plain"}}},"description_kind":"plain"}}},"description_kind":"plain"}},"inside_static_routes":{"nesting_mode":"set","block":{"block_types":{"static_route_list":{"nesting_mode":"list","block":{"attributes":{"simple_static_route":{"type":"string","description_kind":"plain","optional":true}},"block_types":{"custom_static_route":{"nesting_mode":"set","block":{"attributes":{"attrs":{"type":["list","string"],"description_kind":"plain","optional":true},"labels":{"type":["map","string"],"description_kind":"plain","optional":true}},"block_types":{"nexthop":{"nesting_mode":"set","block":{"attributes":{"type":{"type":"string","description_kind":"plain","optional":true}},"block_types":{"interface":{"nesting_mode":"list","block":{"attributes":{"kind":{"type":"string","description_kind":"plain","computed":true},"name":{"type":"string","description_kind":"plain","optional":true},"namespace":{"type":"string","description_kind":"plain","optional":true},"tenant":{"type":"string","description_kind":"plain","optional":true}},"description_kind":"plain"}},"nexthop_address":{"nesting_mode":"set","block":{"block_types":{"ipv4":{"nesting_mode":"set","block":{"attributes":{"addr":{"type":"string","description_kind":"plain","optional":true}},"description_kind":"plain"}},"ipv6":{"nesting_mode":"set","block":{"attributes":{"addr":{"type":"string","description_kind":"plain","optional":true}},"description_kind":"plain"}}},"description_kind":"plain"}}},"description_kind":"plain"}},"subnets":{"nesting_mode":"list","block":{"block_types":{"ipv4":{"nesting_mode":"set","block":{"attributes":{"plen":{"type":"number","description_kind":"plain","optional":true},"prefix":{"type":"string","description_kind":"plain","optional":true}},"description_kind":"plain"}},"ipv6":{"nesting_mode":"set","block":{"attributes":{"plen":{"type":"number","description_kind":"plain","optional":true},"prefix":{"type":"string","description_kind":"plain","optional":true}},"description_kind":"plain"}}},"description_kind":"plain"}}},"description_kind":"plain"}}},"description_kind":"plain"}}},"description_kind":"plain"}},"node":{"nesting_mode":"set","block":{"attributes":{"fault_domain":{"type":"number","description_kind":"plain","optional":true},"node_number":{"type":"number","description_kind":"plain","optional":true},"update_domain":{"type":"number","description_kind":"plain","optional":true}},"block_types":{"inside_subnet":{"nesting_mode":"set","block":{"block_types":{"subnet":{"nesting_mode":"set","block":{"attributes":{"subnet_name":{"type":"string","description_kind":"plain","optional":true},"subnet_resource_grp":{"type":"string","description_kind":"plain","optional":true},"vnet_resource_group":{"type":"bool","description_kind":"plain","optional":true}},"description_kind":"plain"}},"subnet_param":{"nesting_mode":"set","block":{"attributes":{"ipv4":{"type":"string","description_kind":"plain","optional":true},"ipv6":{"type":"string","description_kind":"plain","optional":true}},"description_kind":"plain"}}},"description_kind":"plain"}},"outside_subnet":{"nesting_mode":"set","block":{"block_types":{"subnet":{"nesting_mode":"set","block":{"attributes":{"subnet_name":{"type":"string","description_kind":"plain","optional":true},"subnet_resource_grp":{"type":"string","description_kind":"plain","optional":true},"vnet_resource_group":{"type":"bool","description_kind":"plain","optional":true}},"description_kind":"plain"}},"subnet_param":{"nesting_mode":"set","block":{"attributes":{"ipv4":{"type":"string","description_kind":"plain","optional":true},"ipv6":{"type":"string","description_kind":"plain","optional":true}},"description_kind":"plain"}}},"description_kind":"plain"}}},"description_kind":"plain"}},"outside_static_routes":{"nesting_mode":"set","block":{"block_types":{"static_route_list":{"nesting_mode":"list","block":{"attributes":{"simple_static_route":{"type":"string","description_kind":"plain","optional":true}},"block_types":{"custom_static_route":{"nesting_mode":"set","block":{"attributes":{"attrs":{"type":["list","string"],"description_kind":"plain","optional":true},"labels":{"type":["map","string"],"description_kind":"plain","optional":true}},"block_types":{"nexthop":{"nesting_mode":"set","block":{"attributes":{"type":{"type":"string","description_kind":"plain","optional":true}},"block_types":{"interface":{"nesting_mode":"list","block":{"attributes":{"kind":{"type":"string","description_kind":"plain","computed":true},"name":{"type":"string","description_kind":"plain","optional":true},"namespace":{"type":"string","description_kind":"plain","optional":true},"tenant":{"type":"string","description_kind":"plain","optional":true}},"description_kind":"plain"}},"nexthop_address":{"nesting_mode":"set","block":{"block_types":{"ipv4":{"nesting_mode":"set","block":{"attributes":{"addr":{"type":"string","description_kind":"plain","optional":true}},"description_kind":"plain"}},"ipv6":{"nesting_mode":"set","block":{"attributes":{"addr":{"type":"string","description_kind":"plain","optional":true}},"description_kind":"plain"}}},"description_kind":"plain"}}},"description_kind":"plain"}},"subnets":{"nesting_mode":"list","block":{"block_types":{"ipv4":{"nesting_mode":"set","block":{"attributes":{"plen":{"type":"number","description_kind":"plain","optional":true},"prefix":{"type":"string","description_kind":"plain","optional":true}},"description_kind":"plain"}},"ipv6":{"nesting_mode":"set","block":{"attributes":{"plen":{"type":"number","description_kind":"plain","optional":true},"prefix":{"type":"string","description_kind":"plain","optional":true}},"description_kind":"plain"}}},"description_kind":"plain"}}},"description_kind":"plain"}}},"description_kind":"plain"}}},"description_kind":"plain"}}},"description_kind":"plain"}},"ingress_gw":{"nesting_mode":"set","block":{"attributes":{"azure_certified_hw":{"type":"string","description_kind":"plain","optional":true}},"block_types":{"az_nodes":{"nesting_mode":"list","block":{"attributes":{"azure_az":{"type":"string","description_kind":"plain","optional":true},"disk_size":{"type":"number","description_kind":"plain","optional":true}},"block_types":{"local_subnet":{"nesting_mode":"set","block":{"block_types":{"subnet":{"nesting_mode":"set","block":{"attributes":{"subnet_name":{"type":"string","description_kind":"plain","optional":true},"subnet_resource_grp":{"type":"string","description_kind":"plain","optional":true},"vnet_resource_group":{"type":"bool","description_kind":"plain","optional":true}},"description_kind":"plain"}},"subnet_param":{"nesting_mode":"set","block":{"attributes":{"ipv4":{"type":"string","description_kind":"plain","optional":true},"ipv6":{"type":"string","description_kind":"plain","optional":true}},"description_kind":"plain"}}},"description_kind":"plain"}}},"description_kind":"plain"}}},"description_kind":"plain"}},"ingress_gw_ar":{"nesting_mode":"set","block":{"attributes":{"azure_certified_hw":{"type":"string","description_kind":"plain","optional":true}},"block_types":{"node":{"nesting_mode":"set","block":{"attributes":{"fault_domain":{"type":"number","description_kind":"plain","optional":true},"node_number":{"type":"number","description_kind":"plain","optional":true},"update_domain":{"type":"number","description_kind":"plain","optional":true}},"block_types":{"local_subnet":{"nesting_mode":"set","block":{"block_types":{"subnet":{"nesting_mode":"set","block":{"attributes":{"subnet_name":{"type":"string","description_kind":"plain","optional":true},"subnet_resource_grp":{"type":"string","description_kind":"plain","optional":true},"vnet_resource_group":{"type":"bool","description_kind":"plain","optional":true}},"description_kind":"plain"}},"subnet_param":{"nesting_mode":"set","block":{"attributes":{"ipv4":{"type":"string","description_kind":"plain","optional":true},"ipv6":{"type":"string","description_kind":"plain","optional":true}},"description_kind":"plain"}}},"description_kind":"plain"}}},"description_kind":"plain"}}},"description_kind":"plain"}},"log_receiver":{"nesting_mode":"set","block":{"attributes":{"name":{"type":"string","description_kind":"plain","optional":true},"namespace":{"type":"string","description_kind":"plain","optional":true},"tenant":{"type":"string","description_kind":"plain","optional":true}},"description_kind":"plain"}},"os":{"nesting_mode":"set","block":{"attributes":{"default_os_version":{"type":"bool","description_kind":"plain","optional":true},"operating_system_version":{"type":"string","description_kind":"plain","optional":true}},"description_kind":"plain"}},"sw":{"nesting_mode":"set","block":{"attributes":{"default_sw_version":{"type":"bool","description_kind":"plain","optional":true},"volterra_software_version":{"type":"string","description_kind":"plain","optional":true}},"description_kind":"plain"}},"vnet":{"nesting_mode":"set","block":{"block_types":{"existing_vnet":{"nesting_mode":"set","block":{"attributes":{"resource_group":{"type":"string","description_kind":"plain","optional":true},"vnet_name":{"type":"string","description_kind":"plain","optional":true}},"description_kind":"plain"}},"new_vnet":{"nesting_mode":"set","block":{"attributes":{"autogenerate":{"type":"bool","description_kind":"plain","optional":true},"name":{"type":"string","description_kind":"plain","optional":true},"primary_ipv4":{"type":"string","description_kind":"plain","optional":true}},"description_kind":"plain"}}},"description_kind":"plain"}},"voltstack_cluster":{"nesting_mode":"set","block":{"attributes":{"azure_certified_hw":{"type":"string","description_kind":"plain","optional":true},"forward_proxy_allow_all":{"type":"bool","description_kind":"plain","optional":true},"no_forward_proxy":{"type":"bool","description_kind":"plain","optional":true},"no_global_network":{"type":"bool","description_kind":"plain","optional":true},"no_k8s_cluster":{"type":"bool","description_kind":"plain","optional":true},"no_network_policy":{"type":"bool","description_kind":"plain","optional":true},"no_outside_static_routes":{"type":"bool","description_kind":"plain","optional":true}},"block_types":{"active_forward_proxy_policies":{"nesting_mode":"set","block":{"block_types":{"forward_proxy_policies":{"nesting_mode":"list","block":{"attributes":{"name":{"type":"string","description_kind":"plain","optional":true},"namespace":{"type":"string","description_kind":"plain","optional":true},"tenant":{"type":"string","description_kind":"plain","optional":true}},"description_kind":"plain"}}},"description_kind":"plain"}},"active_network_policies":{"nesting_mode":"set","block":{"block_types":{"network_policies":{"nesting_mode":"list","block":{"attributes":{"name":{"type":"string","description_kind":"plain","optional":true},"namespace":{"type":"string","description_kind":"plain","optional":true},"tenant":{"type":"string","description_kind":"plain","optional":true}},"description_kind":"plain"}}},"description_kind":"plain"}},"az_nodes":{"nesting_mode":"list","block":{"attributes":{"azure_az":{"type":"string","description_kind":"plain","optional":true},"disk_size":{"type":"number","description_kind":"plain","optional":true}},"block_types":{"local_subnet":{"nesting_mode":"set","block":{"block_types":{"subnet":{"nesting_mode":"set","block":{"attributes":{"subnet_name":{"type":"string","description_kind":"plain","optional":true},"subnet_resource_grp":{"type":"string","description_kind":"plain","optional":true},"vnet_resource_group":{"type":"bool","description_kind":"plain","optional":true}},"description_kind":"plain"}},"subnet_param":{"nesting_mode":"set","block":{"attributes":{"ipv4":{"type":"string","description_kind":"plain","optional":true},"ipv6":{"type":"string","description_kind":"plain","optional":true}},"description_kind":"plain"}}},"description_kind":"plain"}}},"description_kind":"plain"}},"global_network_list":{"nesting_mode":"set","block":{"block_types":{"global_network_connections":{"nesting_mode":"list","block":{"attributes":{"disable_forward_proxy":{"type":"bool","description_kind":"plain","optional":true}},"block_types":{"enable_forward_proxy":{"nesting_mode":"set","block":{"attributes":{"connection_timeout":{"type":"number","description_kind":"plain","optional":true},"max_connect_attempts":{"type":"number","description_kind":"plain","optional":true},"no_interception":{"type":"bool","description_kind":"plain","optional":true},"white_listed_ports":{"type":["list","number"],"description_kind":"plain","optional":true},"white_listed_prefixes":{"type":["list","string"],"description_kind":"plain","optional":true}},"block_types":{"tls_intercept":{"nesting_mode":"set","block":{"attributes":{"enable_for_all_domains":{"type":"bool","description_kind":"plain","optional":true},"trusted_ca_url":{"type":"string","description_kind":"plain","optional":true},"volterra_certificate":{"type":"bool","description_kind":"plain","optional":true},"volterra_trusted_ca":{"type":"bool","description_kind":"plain","optional":true}},"block_types":{"custom_certificate":{"nesting_mode":"set","block":{"attributes":{"certificate_url":{"type":"string","description_kind":"plain","optional":true},"description":{"type":"string","description_kind":"plain","optional":true}},"block_types":{"private_key":{"nesting_mode":"set","block":{"attributes":{"secret_encoding_type":{"type":"string","description_kind":"plain","optional":true}},"block_types":{"blindfold_secret_info":{"nesting_mode":"set","block":{"attributes":{"decryption_provider":{"type":"string","description_kind":"plain","optional":true},"location":{"type":"string","description_kind":"plain","optional":true},"store_provider":{"type":"string","description_kind":"plain","optional":true}},"description_kind":"plain"}},"blindfold_secret_info_internal":{"nesting_mode":"set","block":{"attributes":{"decryption_provider":{"type":"string","description_kind":"plain","optional":true},"location":{"type":"string","description_kind":"plain","optional":true},"store_provider":{"type":"string","description_kind":"plain","optional":true}},"description_kind":"plain"}},"clear_secret_info":{"nesting_mode":"set","block":{"attributes":{"provider":{"type":"string","description_kind":"plain","optional":true},"url":{"type":"string","description_kind":"plain","optional":true}},"description_kind":"plain"}},"vault_secret_info":{"nesting_mode":"set","block":{"attributes":{"key":{"type":"string","description_kind":"plain","optional":true},"location":{"type":"string","description_kind":"plain","optional":true},"provider":{"type":"string","description_kind":"plain","optional":true},"secret_encoding":{"type":"string","description_kind":"plain","optional":true},"version":{"type":"number","description_kind":"plain","optional":true}},"description_kind":"plain"}},"wingman_secret_info":{"nesting_mode":"set","block":{"attributes":{"name":{"type":"string","description_kind":"plain","optional":true}},"description_kind":"plain"}}},"description_kind":"plain"}}},"description_kind":"plain"}},"policy":{"nesting_mode":"set","block":{"block_types":{"interception_rules":{"nesting_mode":"list","block":{"attributes":{"disable_interception":{"type":"bool","description_kind":"plain","optional":true},"enable_interception":{"type":"bool","description_kind":"plain","optional":true}},"block_types":{"domain_match":{"nesting_mode":"set","block":{"attributes":{"exact_value":{"type":"string","description_kind":"plain","optional":true},"regex_value":{"type":"string","description_kind":"plain","optional":true},"suffix_value":{"type":"string","description_kind":"plain","optional":true}},"description_kind":"plain"}}},"description_kind":"plain"}}},"description_kind":"plain"}}},"description_kind":"plain"}}},"description_kind":"plain"}},"sli_to_global_dr":{"nesting_mode":"set","block":{"block_types":{"global_vn":{"nesting_mode":"set","block":{"attributes":{"kind":{"type":"string","description_kind":"plain","computed":true},"name":{"type":"string","description_kind":"plain","optional":true},"namespace":{"type":"string","description_kind":"plain","optional":true},"tenant":{"type":"string","description_kind":"plain","optional":true}},"description_kind":"plain"}}},"description_kind":"plain"}},"slo_to_global_dr":{"nesting_mode":"set","block":{"block_types":{"global_vn":{"nesting_mode":"set","block":{"attributes":{"kind":{"type":"string","description_kind":"plain","computed":true},"name":{"type":"string","description_kind":"plain","optional":true},"namespace":{"type":"string","description_kind":"plain","optional":true},"tenant":{"type":"string","description_kind":"plain","optional":true}},"description_kind":"plain"}}},"description_kind":"plain"}}},"description_kind":"plain"}}},"description_kind":"plain"}},"k8s_cluster":{"nesting_mode":"set","block":{"attributes":{"name":{"type":"string","description_kind":"plain","optional":true},"namespace":{"type":"string","description_kind":"plain","optional":true},"tenant":{"type":"string","description_kind":"plain","optional":true}},"description_kind":"plain"}},"outside_static_routes":{"nesting_mode":"set","block":{"block_types":{"static_route_list":{"nesting_mode":"list","block":{"attributes":{"simple_static_route":{"type":"string","description_kind":"plain","optional":true}},"block_types":{"custom_static_route":{"nesting_mode":"set","block":{"attributes":{"attrs":{"type":["list","string"],"description_kind":"plain","optional":true},"labels":{"type":["map","string"],"description_kind":"plain","optional":true}},"block_types":{"nexthop":{"nesting_mode":"set","block":{"attributes":{"type":{"type":"string","description_kind":"plain","optional":true}},"block_types":{"interface":{"nesting_mode":"list","block":{"attributes":{"kind":{"type":"string","description_kind":"plain","computed":true},"name":{"type":"string","description_kind":"plain","optional":true},"namespace":{"type":"string","description_kind":"plain","optional":true},"tenant":{"type":"string","description_kind":"plain","optional":true}},"description_kind":"plain"}},"nexthop_address":{"nesting_mode":"set","block":{"block_types":{"ipv4":{"nesting_mode":"set","block":{"attributes":{"addr":{"type":"string","description_kind":"plain","optional":true}},"description_kind":"plain"}},"ipv6":{"nesting_mode":"set","block":{"attributes":{"addr":{"type":"string","description_kind":"plain","optional":true}},"description_kind":"plain"}}},"description_kind":"plain"}}},"description_kind":"plain"}},"subnets":{"nesting_mode":"list","block":{"block_types":{"ipv4":{"nesting_mode":"set","block":{"attributes":{"plen":{"type":"number","description_kind":"plain","optional":true},"prefix":{"type":"string","description_kind":"plain","optional":true}},"description_kind":"plain"}},"ipv6":{"nesting_mode":"set","block":{"attributes":{"plen":{"type":"number","description_kind":"plain","optional":true},"prefix":{"type":"string","description_kind":"plain","optional":true}},"description_kind":"plain"}}},"description_kind":"plain"}}},"description_kind":"plain"}}},"description_kind":"plain"}}},"description_kind":"plain"}}},"description_kind":"plain"}},"voltstack_cluster_ar":{"nesting_mode":"set","block":{"attributes":{"azure_certified_hw":{"type":"string","description_kind":"plain","optional":true},"forward_proxy_allow_all":{"type":"bool","description_kind":"plain","optional":true},"no_forward_proxy":{"type":"bool","description_kind":"plain","optional":true},"no_global_network":{"type":"bool","description_kind":"plain","optional":true},"no_k8s_cluster":{"type":"bool","description_kind":"plain","optional":true},"no_network_policy":{"type":"bool","description_kind":"plain","optional":true},"no_outside_static_routes":{"type":"bool","description_kind":"plain","optional":true}},"block_types":{"active_forward_proxy_policies":{"nesting_mode":"set","block":{"block_types":{"forward_proxy_policies":{"nesting_mode":"list","block":{"attributes":{"name":{"type":"string","description_kind":"plain","optional":true},"namespace":{"type":"string","description_kind":"plain","optional":true},"tenant":{"type":"string","description_kind":"plain","optional":true}},"description_kind":"plain"}}},"description_kind":"plain"}},"active_network_policies":{"nesting_mode":"set","block":{"block_types":{"network_policies":{"nesting_mode":"list","block":{"attributes":{"name":{"type":"string","description_kind":"plain","optional":true},"namespace":{"type":"string","description_kind":"plain","optional":true},"tenant":{"type":"string","description_kind":"plain","optional":true}},"description_kind":"plain"}}},"description_kind":"plain"}},"global_network_list":{"nesting_mode":"set","block":{"block_types":{"global_network_connections":{"nesting_mode":"list","block":{"attributes":{"disable_forward_proxy":{"type":"bool","description_kind":"plain","optional":true}},"block_types":{"enable_forward_proxy":{"nesting_mode":"set","block":{"attributes":{"connection_timeout":{"type":"number","description_kind":"plain","optional":true},"max_connect_attempts":{"type":"number","description_kind":"plain","optional":true},"no_interception":{"type":"bool","description_kind":"plain","optional":true},"white_listed_ports":{"type":["list","number"],"description_kind":"plain","optional":true},"white_listed_prefixes":{"type":["list","string"],"description_kind":"plain","optional":true}},"block_types":{"tls_intercept":{"nesting_mode":"set","block":{"attributes":{"enable_for_all_domains":{"type":"bool","description_kind":"plain","optional":true},"trusted_ca_url":{"type":"string","description_kind":"plain","optional":true},"volterra_certificate":{"type":"bool","description_kind":"plain","optional":true},"volterra_trusted_ca":{"type":"bool","description_kind":"plain","optional":true}},"block_types":{"custom_certificate":{"nesting_mode":"set","block":{"attributes":{"certificate_url":{"type":"string","description_kind":"plain","optional":true},"description":{"type":"string","description_kind":"plain","optional":true}},"block_types":{"private_key":{"nesting_mode":"set","block":{"attributes":{"secret_encoding_type":{"type":"string","description_kind":"plain","optional":true}},"block_types":{"blindfold_secret_info":{"nesting_mode":"set","block":{"attributes":{"decryption_provider":{"type":"string","description_kind":"plain","optional":true},"location":{"type":"string","description_kind":"plain","optional":true},"store_provider":{"type":"string","description_kind":"plain","optional":true}},"description_kind":"plain"}},"blindfold_secret_info_internal":{"nesting_mode":"set","block":{"attributes":{"decryption_provider":{"type":"string","description_kind":"plain","optional":true},"location":{"type":"string","description_kind":"plain","optional":true},"store_provider":{"type":"string","description_kind":"plain","optional":true}},"description_kind":"plain"}},"clear_secret_info":{"nesting_mode":"set","block":{"attributes":{"provider":{"type":"string","description_kind":"plain","optional":true},"url":{"type":"string","description_kind":"plain","optional":true}},"description_kind":"plain"}},"vault_secret_info":{"nesting_mode":"set","block":{"attributes":{"key":{"type":"string","description_kind":"plain","optional":true},"location":{"type":"string","description_kind":"plain","optional":true},"provider":{"type":"string","description_kind":"plain","optional":true},"secret_encoding":{"type":"string","description_kind":"plain","optional":true},"version":{"type":"number","description_kind":"plain","optional":true}},"description_kind":"plain"}},"wingman_secret_info":{"nesting_mode":"set","block":{"attributes":{"name":{"type":"string","description_kind":"plain","optional":true}},"description_kind":"plain"}}},"description_kind":"plain"}}},"description_kind":"plain"}},"policy":{"nesting_mode":"set","block":{"block_types":{"interception_rules":{"nesting_mode":"list","block":{"attributes":{"disable_interception":{"type":"bool","description_kind":"plain","optional":true},"enable_interception":{"type":"bool","description_kind":"plain","optional":true}},"block_types":{"domain_match":{"nesting_mode":"set","block":{"attributes":{"exact_value":{"type":"string","description_kind":"plain","optional":true},"regex_value":{"type":"string","description_kind":"plain","optional":true},"suffix_value":{"type":"string","description_kind":"plain","optional":true}},"description_kind":"plain"}}},"description_kind":"plain"}}},"description_kind":"plain"}}},"description_kind":"plain"}}},"description_kind":"plain"}},"sli_to_global_dr":{"nesting_mode":"set","block":{"block_types":{"global_vn":{"nesting_mode":"set","block":{"attributes":{"kind":{"type":"string","description_kind":"plain","computed":true},"name":{"type":"string","description_kind":"plain","optional":true},"namespace":{"type":"string","description_kind":"plain","optional":true},"tenant":{"type":"string","description_kind":"plain","optional":true}},"description_kind":"plain"}}},"description_kind":"plain"}},"slo_to_global_dr":{"nesting_mode":"set","block":{"block_types":{"global_vn":{"nesting_mode":"set","block":{"attributes":{"kind":{"type":"string","description_kind":"plain","computed":true},"name":{"type":"string","description_kind":"plain","optional":true},"namespace":{"type":"string","description_kind":"plain","optional":true},"tenant":{"type":"string","description_kind":"plain","optional":true}},"description_kind":"plain"}}},"description_kind":"plain"}}},"description_kind":"plain"}}},"description_kind":"plain"}},"k8s_cluster":{"nesting_mode":"set","block":{"attributes":{"name":{"type":"string","description_kind":"plain","optional":true},"namespace":{"type":"string","description_kind":"plain","optional":true},"tenant":{"type":"string","description_kind":"plain","optional":true}},"description_kind":"plain"}},"node":{"nesting_mode":"set","block":{"attributes":{"fault_domain":{"type":"number","description_kind":"plain","optional":true},"node_number":{"type":"number","description_kind":"plain","optional":true},"update_domain":{"type":"number","description_kind":"plain","optional":true}},"block_types":{"local_subnet":{"nesting_mode":"set","block":{"block_types":{"subnet":{"nesting_mode":"set","block":{"attributes":{"subnet_name":{"type":"string","description_kind":"plain","optional":true},"subnet_resource_grp":{"type":"string","description_kind":"plain","optional":true},"vnet_resource_group":{"type":"bool","description_kind":"plain","optional":true}},"description_kind":"plain"}},"subnet_param":{"nesting_mode":"set","block":{"attributes":{"ipv4":{"type":"string","description_kind":"plain","optional":true},"ipv6":{"type":"string","description_kind":"plain","optional":true}},"description_kind":"plain"}}},"description_kind":"plain"}}},"description_kind":"plain"}},"outside_static_routes":{"nesting_mode":"set","block":{"block_types":{"static_route_list":{"nesting_mode":"list","block":{"attributes":{"simple_static_route":{"type":"string","description_kind":"plain","optional":true}},"block_types":{"custom_static_route":{"nesting_mode":"set","block":{"attributes":{"attrs":{"type":["list","string"],"description_kind":"plain","optional":true},"labels":{"type":["map","string"],"description_kind":"plain","optional":true}},"block_types":{"nexthop":{"nesting_mode":"set","block":{"attributes":{"type":{"type":"string","description_kind":"plain","optional":true}},"block_types":{"interface":{"nesting_mode":"list","block":{"attributes":{"kind":{"type":"string","description_kind":"plain","computed":true},"name":{"type":"string","description_kind":"plain","optional":true},"namespace":{"type":"string","description_kind":"plain","optional":true},"tenant":{"type":"string","description_kind":"plain","optional":true}},"description_kind":"plain"}},"nexthop_address":{"nesting_mode":"set","block":{"block_types":{"ipv4":{"nesting_mode":"set","block":{"attributes":{"addr":{"type":"string","description_kind":"plain","optional":true}},"description_kind":"plain"}},"ipv6":{"nesting_mode":"set","block":{"attributes":{"addr":{"type":"string","description_kind":"plain","optional":true}},"description_kind":"plain"}}},"description_kind":"plain"}}},"description_kind":"plain"}},"subnets":{"nesting_mode":"list","block":{"block_types":{"ipv4":{"nesting_mode":"set","block":{"attributes":{"plen":{"type":"number","description_kind":"plain","optional":true},"prefix":{"type":"string","description_kind":"plain","optional":true}},"description_kind":"plain"}},"ipv6":{"nesting_mode":"set","block":{"attributes":{"plen":{"type":"number","description_kind":"plain","optional":true},"prefix":{"type":"string","description_kind":"plain","optional":true}},"description_kind":"plain"}}},"description_kind":"plain"}}},"description_kind":"plain"}}},"description_kind":"plain"}}},"description_kind":"plain"}}},"description_kind":"plain"}}},"description_kind":"plain"}},"volterra_bgp":{"version":0,"block":{"attributes":{"annotations":{"type":["map","string"],"description_kind":"plain","optional":true},"description":{"type":"string","description_kind":"plain","optional":true},"disable":{"type":"bool","description_kind":"plain","optional":true},"id":{"type":"string","description_kind":"plain","optional":true,"computed":true},"labels":{"type":["map","string"],"description_kind":"plain","optional":true},"name":{"type":"string","description_kind":"plain","required":true},"namespace":{"type":"string","description_kind":"plain","required":true}},"block_types":{"bgp_parameters":{"nesting_mode":"set","block":{"attributes":{"asn":{"type":"number","description_kind":"plain","optional":true},"bgp_router_id_key":{"type":"string","description_kind":"plain","optional":true},"bgp_router_id_type":{"type":"string","description_kind":"plain","optional":true},"from_site":{"type":"bool","description_kind":"plain","optional":true},"ip_address":{"type":"string","description_kind":"plain","optional":true},"local_address":{"type":"bool","description_kind":"plain","optional":true}},"block_types":{"bgp_router_id":{"nesting_mode":"set","block":{"block_types":{"ipv4":{"nesting_mode":"set","block":{"attributes":{"addr":{"type":"string","description_kind":"plain","optional":true}},"description_kind":"plain"}},"ipv6":{"nesting_mode":"set","block":{"attributes":{"addr":{"type":"string","description_kind":"plain","optional":true}},"description_kind":"plain"}}},"description_kind":"plain"}}},"description_kind":"plain"}},"peers":{"nesting_mode":"list","block":{"attributes":{"target_service":{"type":"string","description_kind":"plain","optional":true}},"block_types":{"external":{"nesting_mode":"set","block":{"attributes":{"address":{"type":"string","description_kind":"plain","optional":true},"asn":{"type":"number","description_kind":"plain","optional":true},"default_gateway":{"type":"bool","description_kind":"plain","optional":true},"from_site":{"type":"bool","description_kind":"plain","optional":true},"inside_interfaces":{"type":"bool","description_kind":"plain","optional":true},"outside_interfaces":{"type":"bool","description_kind":"plain","optional":true},"port":{"type":"number","description_kind":"plain","optional":true},"subnet_begin_offset":{"type":"number","description_kind":"plain","optional":true},"subnet_end_offset":{"type":"number","description_kind":"plain","optional":true}},"block_types":{"family_inet":{"nesting_mode":"set","block":{"attributes":{"disable":{"type":"bool","description_kind":"plain","optional":true},"enable":{"type":"bool","description_kind":"plain","optional":true}},"description_kind":"plain"}},"interface":{"nesting_mode":"set","block":{"attributes":{"name":{"type":"string","description_kind":"plain","optional":true},"namespace":{"type":"string","description_kind":"plain","optional":true},"tenant":{"type":"string","description_kind":"plain","optional":true}},"description_kind":"plain"}},"interface_list":{"nesting_mode":"set","block":{"block_types":{"interfaces":{"nesting_mode":"list","block":{"attributes":{"name":{"type":"string","description_kind":"plain","optional":true},"namespace":{"type":"string","description_kind":"plain","optional":true},"tenant":{"type":"string","description_kind":"plain","optional":true}},"description_kind":"plain"}}},"description_kind":"plain"}}},"description_kind":"plain"}},"internal":{"nesting_mode":"set","block":{"attributes":{"address":{"type":"string","description_kind":"plain","optional":true},"disable_mtls":{"type":"bool","description_kind":"plain","optional":true},"dns_name":{"type":"string","description_kind":"plain","optional":true},"enable_mtls":{"type":"bool","description_kind":"plain","optional":true},"from_site":{"type":"bool","description_kind":"plain","optional":true},"port":{"type":"number","description_kind":"plain","optional":true}},"block_types":{"family_inet6vpn":{"nesting_mode":"set","block":{"attributes":{"disable":{"type":"bool","description_kind":"plain","optional":true},"enable":{"type":"bool","description_kind":"plain","optional":true}},"description_kind":"plain"}},"family_inetvpn":{"nesting_mode":"set","block":{"attributes":{"disable":{"type":"bool","description_kind":"plain","optional":true}},"block_types":{"enable":{"nesting_mode":"set","block":{"attributes":{"disable":{"type":"bool","description_kind":"plain","optional":true},"enable":{"type":"bool","description_kind":"plain","optional":true}},"description_kind":"plain"}}},"description_kind":"plain"}},"family_rtarget":{"nesting_mode":"set","block":{"attributes":{"disable":{"type":"bool","description_kind":"plain","optional":true},"enable":{"type":"bool","description_kind":"plain","optional":true}},"description_kind":"plain"}}},"description_kind":"plain"}},"metadata":{"nesting_mode":"set","block":{"attributes":{"description":{"type":"string","description_kind":"plain","optional":true},"disable":{"type":"bool","description_kind":"plain","optional":true},"name":{"type":"string","description_kind":"plain","optional":true}},"description_kind":"plain"}}},"description_kind":"plain"}},"where":{"nesting_mode":"set","block":{"block_types":{"site":{"nesting_mode":"set","block":{"attributes":{"network_type":{"type":"string","description_kind":"plain","optional":true}},"block_types":{"ref":{"nesting_mode":"list","block":{"attributes":{"kind":{"type":"string","description_kind":"plain","computed":true},"name":{"type":"string","description_kind":"plain","optional":true},"namespace":{"type":"string","description_kind":"plain","optional":true},"tenant":{"type":"string","description_kind":"plain","optional":true}},"description_kind":"plain"}}},"description_kind":"plain"}},"virtual_site":{"nesting_mode":"set","block":{"attributes":{"network_type":{"type":"string","description_kind":"plain","optional":true}},"block_types":{"ref":{"nesting_mode":"list","block":{"attributes":{"kind":{"type":"string","description_kind":"plain","computed":true},"name":{"type":"string","description_kind":"plain","optional":true},"namespace":{"type":"string","description_kind":"plain","optional":true},"tenant":{"type":"string","description_kind":"plain","optional":true}},"description_kind":"plain"}}},"description_kind":"plain"}}},"description_kind":"plain"}}},"description_kind":"plain"}},"volterra_bgp_asn_set":{"version":0,"block":{"attributes":{"annotations":{"type":["map","string"],"description_kind":"plain","optional":true},"as_numbers":{"type":["list","number"],"description_kind":"plain","required":true},"description":{"type":"string","description_kind":"plain","optional":true},"disable":{"type":"bool","description_kind":"plain","optional":true},"id":{"type":"string","description_kind":"plain","optional":true,"computed":true},"labels":{"type":["map","string"],"description_kind":"plain","optional":true},"name":{"type":"string","description_kind":"plain","required":true},"namespace":{"type":"string","description_kind":"plain","required":true}},"description_kind":"plain"}},"volterra_cloud_credentials":{"version":0,"block":{"attributes":{"annotations":{"type":["map","string"],"description_kind":"plain","optional":true},"description":{"type":"string","description_kind":"plain","optional":true},"disable":{"type":"bool","description_kind":"plain","optional":true},"id":{"type":"string","description_kind":"plain","optional":true,"computed":true},"labels":{"type":["map","string"],"description_kind":"plain","optional":true},"name":{"type":"string","description_kind":"plain","required":true},"namespace":{"type":"string","description_kind":"plain","required":true}},"block_types":{"aws_secret_key":{"nesting_mode":"set","block":{"attributes":{"access_key":{"type":"string","description_kind":"plain","optional":true}},"block_types":{"secret_key":{"nesting_mode":"set","block":{"attributes":{"secret_encoding_type":{"type":"string","description_kind":"plain","optional":true}},"block_types":{"blindfold_secret_info":{"nesting_mode":"set","block":{"attributes":{"decryption_provider":{"type":"string","description_kind":"plain","optional":true},"location":{"type":"string","description_kind":"plain","optional":true},"store_provider":{"type":"string","description_kind":"plain","optional":true}},"description_kind":"plain"}},"blindfold_secret_info_internal":{"nesting_mode":"set","block":{"attributes":{"decryption_provider":{"type":"string","description_kind":"plain","optional":true},"location":{"type":"string","description_kind":"plain","optional":true},"store_provider":{"type":"string","description_kind":"plain","optional":true}},"description_kind":"plain"}},"clear_secret_info":{"nesting_mode":"set","block":{"attributes":{"provider":{"type":"string","description_kind":"plain","optional":true},"url":{"type":"string","description_kind":"plain","optional":true}},"description_kind":"plain"}},"vault_secret_info":{"nesting_mode":"set","block":{"attributes":{"key":{"type":"string","description_kind":"plain","optional":true},"location":{"type":"string","description_kind":"plain","optional":true},"provider":{"type":"string","description_kind":"plain","optional":true},"secret_encoding":{"type":"string","description_kind":"plain","optional":true},"version":{"type":"number","description_kind":"plain","optional":true}},"description_kind":"plain"}},"wingman_secret_info":{"nesting_mode":"set","block":{"attributes":{"name":{"type":"string","description_kind":"plain","optional":true}},"description_kind":"plain"}}},"description_kind":"plain"}}},"description_kind":"plain"}},"azure_client_secret":{"nesting_mode":"set","block":{"attributes":{"client_id":{"type":"string","description_kind":"plain","optional":true},"subscription_id":{"type":"string","description_kind":"plain","optional":true},"tenant_id":{"type":"string","description_kind":"plain","optional":true}},"block_types":{"client_secret":{"nesting_mode":"set","block":{"attributes":{"secret_encoding_type":{"type":"string","description_kind":"plain","optional":true}},"block_types":{"blindfold_secret_info":{"nesting_mode":"set","block":{"attributes":{"decryption_provider":{"type":"string","description_kind":"plain","optional":true},"location":{"type":"string","description_kind":"plain","optional":true},"store_provider":{"type":"string","description_kind":"plain","optional":true}},"description_kind":"plain"}},"blindfold_secret_info_internal":{"nesting_mode":"set","block":{"attributes":{"decryption_provider":{"type":"string","description_kind":"plain","optional":true},"location":{"type":"string","description_kind":"plain","optional":true},"store_provider":{"type":"string","description_kind":"plain","optional":true}},"description_kind":"plain"}},"clear_secret_info":{"nesting_mode":"set","block":{"attributes":{"provider":{"type":"string","description_kind":"plain","optional":true},"url":{"type":"string","description_kind":"plain","optional":true}},"description_kind":"plain"}},"vault_secret_info":{"nesting_mode":"set","block":{"attributes":{"key":{"type":"string","description_kind":"plain","optional":true},"location":{"type":"string","description_kind":"plain","optional":true},"provider":{"type":"string","description_kind":"plain","optional":true},"secret_encoding":{"type":"string","description_kind":"plain","optional":true},"version":{"type":"number","description_kind":"plain","optional":true}},"description_kind":"plain"}},"wingman_secret_info":{"nesting_mode":"set","block":{"attributes":{"name":{"type":"string","description_kind":"plain","optional":true}},"description_kind":"plain"}}},"description_kind":"plain"}}},"description_kind":"plain"}},"azure_pfx_certificate":{"nesting_mode":"set","block":{"attributes":{"certificate_url":{"type":"string","description_kind":"plain","optional":true},"client_id":{"type":"string","description_kind":"plain","optional":true},"subscription_id":{"type":"string","description_kind":"plain","optional":true},"tenant_id":{"type":"string","description_kind":"plain","optional":true}},"block_types":{"password":{"nesting_mode":"set","block":{"attributes":{"secret_encoding_type":{"type":"string","description_kind":"plain","optional":true}},"block_types":{"blindfold_secret_info":{"nesting_mode":"set","block":{"attributes":{"decryption_provider":{"type":"string","description_kind":"plain","optional":true},"location":{"type":"string","description_kind":"plain","optional":true},"store_provider":{"type":"string","description_kind":"plain","optional":true}},"description_kind":"plain"}},"blindfold_secret_info_internal":{"nesting_mode":"set","block":{"attributes":{"decryption_provider":{"type":"string","description_kind":"plain","optional":true},"location":{"type":"string","description_kind":"plain","optional":true},"store_provider":{"type":"string","description_kind":"plain","optional":true}},"description_kind":"plain"}},"clear_secret_info":{"nesting_mode":"set","block":{"attributes":{"provider":{"type":"string","description_kind":"plain","optional":true},"url":{"type":"string","description_kind":"plain","optional":true}},"description_kind":"plain"}},"vault_secret_info":{"nesting_mode":"set","block":{"attributes":{"key":{"type":"string","description_kind":"plain","optional":true},"location":{"type":"string","description_kind":"plain","optional":true},"provider":{"type":"string","description_kind":"plain","optional":true},"secret_encoding":{"type":"string","description_kind":"plain","optional":true},"version":{"type":"number","description_kind":"plain","optional":true}},"description_kind":"plain"}},"wingman_secret_info":{"nesting_mode":"set","block":{"attributes":{"name":{"type":"string","description_kind":"plain","optional":true}},"description_kind":"plain"}}},"description_kind":"plain"}}},"description_kind":"plain"}},"gcp_cred_file":{"nesting_mode":"set","block":{"block_types":{"credential_file":{"nesting_mode":"set","block":{"attributes":{"secret_encoding_type":{"type":"string","description_kind":"plain","optional":true}},"block_types":{"blindfold_secret_info":{"nesting_mode":"set","block":{"attributes":{"decryption_provider":{"type":"string","description_kind":"plain","optional":true},"location":{"type":"string","description_kind":"plain","optional":true},"store_provider":{"type":"string","description_kind":"plain","optional":true}},"description_kind":"plain"}},"blindfold_secret_info_internal":{"nesting_mode":"set","block":{"attributes":{"decryption_provider":{"type":"string","description_kind":"plain","optional":true},"location":{"type":"string","description_kind":"plain","optional":true},"store_provider":{"type":"string","description_kind":"plain","optional":true}},"description_kind":"plain"}},"clear_secret_info":{"nesting_mode":"set","block":{"attributes":{"provider":{"type":"string","description_kind":"plain","optional":true},"url":{"type":"string","description_kind":"plain","optional":true}},"description_kind":"plain"}},"vault_secret_info":{"nesting_mode":"set","block":{"attributes":{"key":{"type":"string","description_kind":"plain","optional":true},"location":{"type":"string","description_kind":"plain","optional":true},"provider":{"type":"string","description_kind":"plain","optional":true},"secret_encoding":{"type":"string","description_kind":"plain","optional":true},"version":{"type":"number","description_kind":"plain","optional":true}},"description_kind":"plain"}},"wingman_secret_info":{"nesting_mode":"set","block":{"attributes":{"name":{"type":"string","description_kind":"plain","optional":true}},"description_kind":"plain"}}},"description_kind":"plain"}}},"description_kind":"plain"}}},"description_kind":"plain"}},"volterra_cluster":{"version":0,"block":{"attributes":{"annotations":{"type":["map","string"],"description_kind":"plain","optional":true},"connection_timeout":{"type":"number","description_kind":"plain","optional":true},"default_subset":{"type":["map","string"],"description_kind":"plain","optional":true},"description":{"type":"string","description_kind":"plain","optional":true},"disable":{"type":"bool","description_kind":"plain","optional":true},"endpoint_selection":{"type":"string","description_kind":"plain","optional":true},"fallback_policy":{"type":"string","description_kind":"plain","optional":true},"http_idle_timeout":{"type":"number","description_kind":"plain","optional":true},"id":{"type":"string","description_kind":"plain","optional":true,"computed":true},"labels":{"type":["map","string"],"description_kind":"plain","optional":true},"loadbalancer_algorithm":{"type":"string","description_kind":"plain","optional":true},"name":{"type":"string","description_kind":"plain","required":true},"namespace":{"type":"string","description_kind":"plain","required":true},"no_panic_threshold":{"type":"bool","description_kind":"plain","optional":true},"panic_threshold":{"type":"number","description_kind":"plain","optional":true}},"block_types":{"circuit_breaker":{"nesting_mode":"set","block":{"attributes":{"connection_limit":{"type":"number","description_kind":"plain","optional":true},"max_requests":{"type":"number","description_kind":"plain","optional":true},"pending_requests":{"type":"number","description_kind":"plain","optional":true},"priority":{"type":"string","description_kind":"plain","optional":true},"retries":{"type":"number","description_kind":"plain","optional":true}},"description_kind":"plain"}},"endpoint_subsets":{"nesting_mode":"list","block":{"attributes":{"keys":{"type":["list","string"],"description_kind":"plain","optional":true}},"description_kind":"plain"}},"endpoints":{"nesting_mode":"list","block":{"attributes":{"kind":{"type":"string","description_kind":"plain","computed":true},"name":{"type":"string","description_kind":"plain","optional":true},"namespace":{"type":"string","description_kind":"plain","optional":true},"tenant":{"type":"string","description_kind":"plain","optional":true}},"description_kind":"plain"}},"health_checks":{"nesting_mode":"list","block":{"attributes":{"kind":{"type":"string","description_kind":"plain","computed":true},"name":{"type":"string","description_kind":"plain","optional":true},"namespace":{"type":"string","description_kind":"plain","optional":true},"tenant":{"type":"string","description_kind":"plain","optional":true}},"description_kind":"plain"}},"http2_options":{"nesting_mode":"set","block":{"attributes":{"enabled":{"type":"bool","description_kind":"plain","optional":true}},"description_kind":"plain"}},"outlier_detection":{"nesting_mode":"set","block":{"attributes":{"base_ejection_time":{"type":"number","description_kind":"plain","optional":true},"consecutive_5xx":{"type":"number","description_kind":"plain","optional":true},"consecutive_gateway_failure":{"type":"number","description_kind":"plain","optional":true},"interval":{"type":"number","description_kind":"plain","optional":true},"max_ejection_percent":{"type":"number","description_kind":"plain","optional":true}},"description_kind":"plain"}},"tls_parameters":{"nesting_mode":"set","block":{"attributes":{"disable_sni":{"type":"bool","description_kind":"plain","optional":true},"sni":{"type":"string","description_kind":"plain","optional":true},"use_host_header_as_sni":{"type":"bool","description_kind":"plain","optional":true}},"block_types":{"common_params":{"nesting_mode":"set","block":{"attributes":{"cipher_suites":{"type":["list","string"],"description_kind":"plain","optional":true},"maximum_protocol_version":{"type":"string","description_kind":"plain","optional":true},"minimum_protocol_version":{"type":"string","description_kind":"plain","optional":true},"trusted_ca_url":{"type":"string","description_kind":"plain","optional":true}},"block_types":{"tls_certificates":{"nesting_mode":"list","block":{"attributes":{"certificate_url":{"type":"string","description_kind":"plain","optional":true},"description":{"type":"string","description_kind":"plain","optional":true}},"block_types":{"private_key":{"nesting_mode":"set","block":{"attributes":{"secret_encoding_type":{"type":"string","description_kind":"plain","optional":true}},"block_types":{"blindfold_secret_info":{"nesting_mode":"set","block":{"attributes":{"decryption_provider":{"type":"string","description_kind":"plain","optional":true},"location":{"type":"string","description_kind":"plain","optional":true},"store_provider":{"type":"string","description_kind":"plain","optional":true}},"description_kind":"plain"}},"blindfold_secret_info_internal":{"nesting_mode":"set","block":{"attributes":{"decryption_provider":{"type":"string","description_kind":"plain","optional":true},"location":{"type":"string","description_kind":"plain","optional":true},"store_provider":{"type":"string","description_kind":"plain","optional":true}},"description_kind":"plain"}},"clear_secret_info":{"nesting_mode":"set","block":{"attributes":{"provider":{"type":"string","description_kind":"plain","optional":true},"url":{"type":"string","description_kind":"plain","optional":true}},"description_kind":"plain"}},"vault_secret_info":{"nesting_mode":"set","block":{"attributes":{"key":{"type":"string","description_kind":"plain","optional":true},"location":{"type":"string","description_kind":"plain","optional":true},"provider":{"type":"string","description_kind":"plain","optional":true},"secret_encoding":{"type":"string","description_kind":"plain","optional":true},"version":{"type":"number","description_kind":"plain","optional":true}},"description_kind":"plain"}},"wingman_secret_info":{"nesting_mode":"set","block":{"attributes":{"name":{"type":"string","description_kind":"plain","optional":true}},"description_kind":"plain"}}},"description_kind":"plain"}}},"description_kind":"plain"}},"validation_params":{"nesting_mode":"set","block":{"attributes":{"skip_hostname_verification":{"type":"bool","description_kind":"plain","optional":true},"trusted_ca_url":{"type":"string","description_kind":"plain","optional":true},"use_volterra_trusted_ca_url":{"type":"bool","description_kind":"plain","optional":true},"verify_subject_alt_names":{"type":["list","string"],"description_kind":"plain","optional":true}},"description_kind":"plain"}}},"description_kind":"plain"}}},"description_kind":"plain"}}},"description_kind":"plain"}},"volterra_dc_cluster_group":{"version":0,"block":{"attributes":{"annotations":{"type":["map","string"],"description_kind":"plain","optional":true},"description":{"type":"string","description_kind":"plain","optional":true},"disable":{"type":"bool","description_kind":"plain","optional":true},"id":{"type":"string","description_kind":"plain","optional":true,"computed":true},"labels":{"type":["map","string"],"description_kind":"plain","optional":true},"name":{"type":"string","description_kind":"plain","required":true},"namespace":{"type":"string","description_kind":"plain","required":true}},"description_kind":"plain"}},"volterra_discovery":{"version":0,"block":{"attributes":{"annotations":{"type":["map","string"],"description_kind":"plain","optional":true},"description":{"type":"string","description_kind":"plain","optional":true},"disable":{"type":"bool","description_kind":"plain","optional":true},"id":{"type":"string","description_kind":"plain","optional":true,"computed":true},"labels":{"type":["map","string"],"description_kind":"plain","optional":true},"name":{"type":"string","description_kind":"plain","required":true},"namespace":{"type":"string","description_kind":"plain","required":true}},"block_types":{"discovery_consul":{"nesting_mode":"set","block":{"block_types":{"access_info":{"nesting_mode":"set","block":{"attributes":{"scheme":{"type":"string","description_kind":"plain","optional":true}},"block_types":{"connection_info":{"nesting_mode":"set","block":{"attributes":{"api_server":{"type":"string","description_kind":"plain","optional":true}},"block_types":{"tls_info":{"nesting_mode":"set","block":{"attributes":{"certificate":{"type":"string","description_kind":"plain","optional":true},"server_name":{"type":"string","description_kind":"plain","optional":true},"trusted_ca_url":{"type":"string","description_kind":"plain","optional":true}},"block_types":{"ca_certificate_url":{"nesting_mode":"set","block":{"attributes":{"secret_encoding_type":{"type":"string","description_kind":"plain","optional":true}},"block_types":{"blindfold_secret_info":{"nesting_mode":"set","block":{"attributes":{"decryption_provider":{"type":"string","description_kind":"plain","optional":true},"location":{"type":"string","description_kind":"plain","optional":true},"store_provider":{"type":"string","description_kind":"plain","optional":true}},"description_kind":"plain"}},"blindfold_secret_info_internal":{"nesting_mode":"set","block":{"attributes":{"decryption_provider":{"type":"string","description_kind":"plain","optional":true},"location":{"type":"string","description_kind":"plain","optional":true},"store_provider":{"type":"string","description_kind":"plain","optional":true}},"description_kind":"plain"}},"clear_secret_info":{"nesting_mode":"set","block":{"attributes":{"provider":{"type":"string","description_kind":"plain","optional":true},"url":{"type":"string","description_kind":"plain","optional":true}},"description_kind":"plain"}},"vault_secret_info":{"nesting_mode":"set","block":{"attributes":{"key":{"type":"string","description_kind":"plain","optional":true},"location":{"type":"string","description_kind":"plain","optional":true},"provider":{"type":"string","description_kind":"plain","optional":true},"secret_encoding":{"type":"string","description_kind":"plain","optional":true},"version":{"type":"number","description_kind":"plain","optional":true}},"description_kind":"plain"}},"wingman_secret_info":{"nesting_mode":"set","block":{"attributes":{"name":{"type":"string","description_kind":"plain","optional":true}},"description_kind":"plain"}}},"description_kind":"plain"}},"certificate_url":{"nesting_mode":"set","block":{"attributes":{"secret_encoding_type":{"type":"string","description_kind":"plain","optional":true}},"block_types":{"blindfold_secret_info":{"nesting_mode":"set","block":{"attributes":{"decryption_provider":{"type":"string","description_kind":"plain","optional":true},"location":{"type":"string","description_kind":"plain","optional":true},"store_provider":{"type":"string","description_kind":"plain","optional":true}},"description_kind":"plain"}},"blindfold_secret_info_internal":{"nesting_mode":"set","block":{"attributes":{"decryption_provider":{"type":"string","description_kind":"plain","optional":true},"location":{"type":"string","description_kind":"plain","optional":true},"store_provider":{"type":"string","description_kind":"plain","optional":true}},"description_kind":"plain"}},"clear_secret_info":{"nesting_mode":"set","block":{"attributes":{"provider":{"type":"string","description_kind":"plain","optional":true},"url":{"type":"string","description_kind":"plain","optional":true}},"description_kind":"plain"}},"vault_secret_info":{"nesting_mode":"set","block":{"attributes":{"key":{"type":"string","description_kind":"plain","optional":true},"location":{"type":"string","description_kind":"plain","optional":true},"provider":{"type":"string","description_kind":"plain","optional":true},"secret_encoding":{"type":"string","description_kind":"plain","optional":true},"version":{"type":"number","description_kind":"plain","optional":true}},"description_kind":"plain"}},"wingman_secret_info":{"nesting_mode":"set","block":{"attributes":{"name":{"type":"string","description_kind":"plain","optional":true}},"description_kind":"plain"}}},"description_kind":"plain"}},"key_url":{"nesting_mode":"set","block":{"attributes":{"secret_encoding_type":{"type":"string","description_kind":"plain","optional":true}},"block_types":{"blindfold_secret_info":{"nesting_mode":"set","block":{"attributes":{"decryption_provider":{"type":"string","description_kind":"plain","optional":true},"location":{"type":"string","description_kind":"plain","optional":true},"store_provider":{"type":"string","description_kind":"plain","optional":true}},"description_kind":"plain"}},"blindfold_secret_info_internal":{"nesting_mode":"set","block":{"attributes":{"decryption_provider":{"type":"string","description_kind":"plain","optional":true},"location":{"type":"string","description_kind":"plain","optional":true},"store_provider":{"type":"string","description_kind":"plain","optional":true}},"description_kind":"plain"}},"clear_secret_info":{"nesting_mode":"set","block":{"attributes":{"provider":{"type":"string","description_kind":"plain","optional":true},"url":{"type":"string","description_kind":"plain","optional":true}},"description_kind":"plain"}},"vault_secret_info":{"nesting_mode":"set","block":{"attributes":{"key":{"type":"string","description_kind":"plain","optional":true},"location":{"type":"string","description_kind":"plain","optional":true},"provider":{"type":"string","description_kind":"plain","optional":true},"secret_encoding":{"type":"string","description_kind":"plain","optional":true},"version":{"type":"number","description_kind":"plain","optional":true}},"description_kind":"plain"}},"wingman_secret_info":{"nesting_mode":"set","block":{"attributes":{"name":{"type":"string","description_kind":"plain","optional":true}},"description_kind":"plain"}}},"description_kind":"plain"}}},"description_kind":"plain"}}},"description_kind":"plain"}},"http_basic_auth_info":{"nesting_mode":"set","block":{"attributes":{"user_name":{"type":"string","description_kind":"plain","optional":true}},"block_types":{"passwd_url":{"nesting_mode":"set","block":{"attributes":{"secret_encoding_type":{"type":"string","description_kind":"plain","optional":true}},"block_types":{"blindfold_secret_info":{"nesting_mode":"set","block":{"attributes":{"decryption_provider":{"type":"string","description_kind":"plain","optional":true},"location":{"type":"string","description_kind":"plain","optional":true},"store_provider":{"type":"string","description_kind":"plain","optional":true}},"description_kind":"plain"}},"blindfold_secret_info_internal":{"nesting_mode":"set","block":{"attributes":{"decryption_provider":{"type":"string","description_kind":"plain","optional":true},"location":{"type":"string","description_kind":"plain","optional":true},"store_provider":{"type":"string","description_kind":"plain","optional":true}},"description_kind":"plain"}},"clear_secret_info":{"nesting_mode":"set","block":{"attributes":{"provider":{"type":"string","description_kind":"plain","optional":true},"url":{"type":"string","description_kind":"plain","optional":true}},"description_kind":"plain"}},"vault_secret_info":{"nesting_mode":"set","block":{"attributes":{"key":{"type":"string","description_kind":"plain","optional":true},"location":{"type":"string","description_kind":"plain","optional":true},"provider":{"type":"string","description_kind":"plain","optional":true},"secret_encoding":{"type":"string","description_kind":"plain","optional":true},"version":{"type":"number","description_kind":"plain","optional":true}},"description_kind":"plain"}},"wingman_secret_info":{"nesting_mode":"set","block":{"attributes":{"name":{"type":"string","description_kind":"plain","optional":true}},"description_kind":"plain"}}},"description_kind":"plain"}}},"description_kind":"plain"}}},"description_kind":"plain"}},"publish_info":{"nesting_mode":"set","block":{"attributes":{"disable":{"type":"bool","description_kind":"plain","optional":true},"publish":{"type":"bool","description_kind":"plain","optional":true}},"description_kind":"plain"}}},"description_kind":"plain"}},"discovery_k8s":{"nesting_mode":"set","block":{"block_types":{"access_info":{"nesting_mode":"set","block":{"attributes":{"in_cluster":{"type":"bool","description_kind":"plain","optional":true},"isolated":{"type":"bool","description_kind":"plain","optional":true},"reachable":{"type":"bool","description_kind":"plain","optional":true}},"block_types":{"connection_info":{"nesting_mode":"set","block":{"attributes":{"api_server":{"type":"string","description_kind":"plain","optional":true}},"block_types":{"tls_info":{"nesting_mode":"set","block":{"attributes":{"certificate":{"type":"string","description_kind":"plain","optional":true},"server_name":{"type":"string","description_kind":"plain","optional":true},"trusted_ca_url":{"type":"string","description_kind":"plain","optional":true}},"block_types":{"ca_certificate_url":{"nesting_mode":"set","block":{"attributes":{"secret_encoding_type":{"type":"string","description_kind":"plain","optional":true}},"block_types":{"blindfold_secret_info":{"nesting_mode":"set","block":{"attributes":{"decryption_provider":{"type":"string","description_kind":"plain","optional":true},"location":{"type":"string","description_kind":"plain","optional":true},"store_provider":{"type":"string","description_kind":"plain","optional":true}},"description_kind":"plain"}},"blindfold_secret_info_internal":{"nesting_mode":"set","block":{"attributes":{"decryption_provider":{"type":"string","description_kind":"plain","optional":true},"location":{"type":"string","description_kind":"plain","optional":true},"store_provider":{"type":"string","description_kind":"plain","optional":true}},"description_kind":"plain"}},"clear_secret_info":{"nesting_mode":"set","block":{"attributes":{"provider":{"type":"string","description_kind":"plain","optional":true},"url":{"type":"string","description_kind":"plain","optional":true}},"description_kind":"plain"}},"vault_secret_info":{"nesting_mode":"set","block":{"attributes":{"key":{"type":"string","description_kind":"plain","optional":true},"location":{"type":"string","description_kind":"plain","optional":true},"provider":{"type":"string","description_kind":"plain","optional":true},"secret_encoding":{"type":"string","description_kind":"plain","optional":true},"version":{"type":"number","description_kind":"plain","optional":true}},"description_kind":"plain"}},"wingman_secret_info":{"nesting_mode":"set","block":{"attributes":{"name":{"type":"string","description_kind":"plain","optional":true}},"description_kind":"plain"}}},"description_kind":"plain"}},"certificate_url":{"nesting_mode":"set","block":{"attributes":{"secret_encoding_type":{"type":"string","description_kind":"plain","optional":true}},"block_types":{"blindfold_secret_info":{"nesting_mode":"set","block":{"attributes":{"decryption_provider":{"type":"string","description_kind":"plain","optional":true},"location":{"type":"string","description_kind":"plain","optional":true},"store_provider":{"type":"string","description_kind":"plain","optional":true}},"description_kind":"plain"}},"blindfold_secret_info_internal":{"nesting_mode":"set","block":{"attributes":{"decryption_provider":{"type":"string","description_kind":"plain","optional":true},"location":{"type":"string","description_kind":"plain","optional":true},"store_provider":{"type":"string","description_kind":"plain","optional":true}},"description_kind":"plain"}},"clear_secret_info":{"nesting_mode":"set","block":{"attributes":{"provider":{"type":"string","description_kind":"plain","optional":true},"url":{"type":"string","description_kind":"plain","optional":true}},"description_kind":"plain"}},"vault_secret_info":{"nesting_mode":"set","block":{"attributes":{"key":{"type":"string","description_kind":"plain","optional":true},"location":{"type":"string","description_kind":"plain","optional":true},"provider":{"type":"string","description_kind":"plain","optional":true},"secret_encoding":{"type":"string","description_kind":"plain","optional":true},"version":{"type":"number","description_kind":"plain","optional":true}},"description_kind":"plain"}},"wingman_secret_info":{"nesting_mode":"set","block":{"attributes":{"name":{"type":"string","description_kind":"plain","optional":true}},"description_kind":"plain"}}},"description_kind":"plain"}},"key_url":{"nesting_mode":"set","block":{"attributes":{"secret_encoding_type":{"type":"string","description_kind":"plain","optional":true}},"block_types":{"blindfold_secret_info":{"nesting_mode":"set","block":{"attributes":{"decryption_provider":{"type":"string","description_kind":"plain","optional":true},"location":{"type":"string","description_kind":"plain","optional":true},"store_provider":{"type":"string","description_kind":"plain","optional":true}},"description_kind":"plain"}},"blindfold_secret_info_internal":{"nesting_mode":"set","block":{"attributes":{"decryption_provider":{"type":"string","description_kind":"plain","optional":true},"location":{"type":"string","description_kind":"plain","optional":true},"store_provider":{"type":"string","description_kind":"plain","optional":true}},"description_kind":"plain"}},"clear_secret_info":{"nesting_mode":"set","block":{"attributes":{"provider":{"type":"string","description_kind":"plain","optional":true},"url":{"type":"string","description_kind":"plain","optional":true}},"description_kind":"plain"}},"vault_secret_info":{"nesting_mode":"set","block":{"attributes":{"key":{"type":"string","description_kind":"plain","optional":true},"location":{"type":"string","description_kind":"plain","optional":true},"provider":{"type":"string","description_kind":"plain","optional":true},"secret_encoding":{"type":"string","description_kind":"plain","optional":true},"version":{"type":"number","description_kind":"plain","optional":true}},"description_kind":"plain"}},"wingman_secret_info":{"nesting_mode":"set","block":{"attributes":{"name":{"type":"string","description_kind":"plain","optional":true}},"description_kind":"plain"}}},"description_kind":"plain"}}},"description_kind":"plain"}}},"description_kind":"plain"}},"kubeconfig_url":{"nesting_mode":"set","block":{"attributes":{"secret_encoding_type":{"type":"string","description_kind":"plain","optional":true}},"block_types":{"blindfold_secret_info":{"nesting_mode":"set","block":{"attributes":{"decryption_provider":{"type":"string","description_kind":"plain","optional":true},"location":{"type":"string","description_kind":"plain","optional":true},"store_provider":{"type":"string","description_kind":"plain","optional":true}},"description_kind":"plain"}},"blindfold_secret_info_internal":{"nesting_mode":"set","block":{"attributes":{"decryption_provider":{"type":"string","description_kind":"plain","optional":true},"location":{"type":"string","description_kind":"plain","optional":true},"store_provider":{"type":"string","description_kind":"plain","optional":true}},"description_kind":"plain"}},"clear_secret_info":{"nesting_mode":"set","block":{"attributes":{"provider":{"type":"string","description_kind":"plain","optional":true},"url":{"type":"string","description_kind":"plain","optional":true}},"description_kind":"plain"}},"vault_secret_info":{"nesting_mode":"set","block":{"attributes":{"key":{"type":"string","description_kind":"plain","optional":true},"location":{"type":"string","description_kind":"plain","optional":true},"provider":{"type":"string","description_kind":"plain","optional":true},"secret_encoding":{"type":"string","description_kind":"plain","optional":true},"version":{"type":"number","description_kind":"plain","optional":true}},"description_kind":"plain"}},"wingman_secret_info":{"nesting_mode":"set","block":{"attributes":{"name":{"type":"string","description_kind":"plain","optional":true}},"description_kind":"plain"}}},"description_kind":"plain"}}},"description_kind":"plain"}},"publish_info":{"nesting_mode":"set","block":{"attributes":{"disable":{"type":"bool","description_kind":"plain","optional":true},"publish_fqdns":{"type":"bool","description_kind":"plain","optional":true}},"block_types":{"dns_delegation":{"nesting_mode":"set","block":{"attributes":{"dns_mode":{"type":"string","description_kind":"plain","optional":true},"subdomain":{"type":"string","description_kind":"plain","optional":true}},"description_kind":"plain"}},"publish":{"nesting_mode":"set","block":{"attributes":{"namespace":{"type":"string","description_kind":"plain","optional":true}},"description_kind":"plain"}}},"description_kind":"plain"}}},"description_kind":"plain"}},"where":{"nesting_mode":"set","block":{"block_types":{"site":{"nesting_mode":"set","block":{"attributes":{"network_type":{"type":"string","description_kind":"plain","optional":true}},"block_types":{"ref":{"nesting_mode":"list","block":{"attributes":{"kind":{"type":"string","description_kind":"plain","computed":true},"name":{"type":"string","description_kind":"plain","optional":true},"namespace":{"type":"string","description_kind":"plain","optional":true},"tenant":{"type":"string","description_kind":"plain","optional":true}},"description_kind":"plain"}}},"description_kind":"plain"}},"virtual_network":{"nesting_mode":"set","block":{"block_types":{"ref":{"nesting_mode":"list","block":{"attributes":{"kind":{"type":"string","description_kind":"plain","computed":true},"name":{"type":"string","description_kind":"plain","optional":true},"namespace":{"type":"string","description_kind":"plain","optional":true},"tenant":{"type":"string","description_kind":"plain","optional":true}},"description_kind":"plain"}}},"description_kind":"plain"}},"virtual_site":{"nesting_mode":"set","block":{"attributes":{"network_type":{"type":"string","description_kind":"plain","optional":true}},"block_types":{"ref":{"nesting_mode":"list","block":{"attributes":{"kind":{"type":"string","description_kind":"plain","computed":true},"name":{"type":"string","description_kind":"plain","optional":true},"namespace":{"type":"string","description_kind":"plain","optional":true},"tenant":{"type":"string","description_kind":"plain","optional":true}},"description_kind":"plain"}}},"description_kind":"plain"}}},"description_kind":"plain"}}},"description_kind":"plain"}},"volterra_endpoint":{"version":0,"block":{"attributes":{"annotations":{"type":["map","string"],"description_kind":"plain","optional":true},"description":{"type":"string","description_kind":"plain","optional":true},"disable":{"type":"bool","description_kind":"plain","optional":true},"dns_name":{"type":"string","description_kind":"plain","optional":true},"health_check_port":{"type":"number","description_kind":"plain","optional":true},"id":{"type":"string","description_kind":"plain","optional":true,"computed":true},"ip":{"type":"string","description_kind":"plain","optional":true},"labels":{"type":["map","string"],"description_kind":"plain","optional":true},"name":{"type":"string","description_kind":"plain","required":true},"namespace":{"type":"string","description_kind":"plain","required":true},"port":{"type":"number","description_kind":"plain","optional":true},"protocol":{"type":"string","description_kind":"plain","optional":true}},"block_types":{"dns_name_advanced":{"nesting_mode":"set","block":{"attributes":{"name":{"type":"string","description_kind":"plain","optional":true},"refresh_interval":{"type":"number","description_kind":"plain","optional":true},"strict_ttl":{"type":"bool","description_kind":"plain","optional":true}},"description_kind":"plain"}},"service_info":{"nesting_mode":"set","block":{"attributes":{"discovery_type":{"type":"string","description_kind":"plain","optional":true},"service_name":{"type":"string","description_kind":"plain","optional":true}},"block_types":{"service_selector":{"nesting_mode":"set","block":{"attributes":{"expressions":{"type":["list","string"],"description_kind":"plain","required":true}},"description_kind":"plain"}}},"description_kind":"plain"}},"where":{"nesting_mode":"set","block":{"block_types":{"site":{"nesting_mode":"set","block":{"attributes":{"network_type":{"type":"string","description_kind":"plain","optional":true}},"block_types":{"ref":{"nesting_mode":"list","block":{"attributes":{"kind":{"type":"string","description_kind":"plain","computed":true},"name":{"type":"string","description_kind":"plain","optional":true},"namespace":{"type":"string","description_kind":"plain","optional":true},"tenant":{"type":"string","description_kind":"plain","optional":true}},"description_kind":"plain"}}},"description_kind":"plain"}},"virtual_network":{"nesting_mode":"set","block":{"block_types":{"ref":{"nesting_mode":"list","block":{"attributes":{"kind":{"type":"string","description_kind":"plain","computed":true},"name":{"type":"string","description_kind":"plain","optional":true},"namespace":{"type":"string","description_kind":"plain","optional":true},"tenant":{"type":"string","description_kind":"plain","optional":true}},"description_kind":"plain"}}},"description_kind":"plain"}},"virtual_site":{"nesting_mode":"set","block":{"attributes":{"network_type":{"type":"string","description_kind":"plain","optional":true}},"block_types":{"ref":{"nesting_mode":"list","block":{"attributes":{"kind":{"type":"string","description_kind":"plain","computed":true},"name":{"type":"string","description_kind":"plain","optional":true},"namespace":{"type":"string","description_kind":"plain","optional":true},"tenant":{"type":"string","description_kind":"plain","optional":true}},"description_kind":"plain"}}},"description_kind":"plain"}}},"description_kind":"plain"}}},"description_kind":"plain"}},"volterra_fast_acl":{"version":0,"block":{"attributes":{"annotations":{"type":["map","string"],"description_kind":"plain","optional":true},"description":{"type":"string","description_kind":"plain","optional":true},"disable":{"type":"bool","description_kind":"plain","optional":true},"id":{"type":"string","description_kind":"plain","optional":true,"computed":true},"labels":{"type":["map","string"],"description_kind":"plain","optional":true},"name":{"type":"string","description_kind":"plain","required":true},"namespace":{"type":"string","description_kind":"plain","required":true}},"block_types":{"legacy_acl":{"nesting_mode":"set","block":{"block_types":{"destination_type":{"nesting_mode":"set","block":{"attributes":{"all_services":{"type":"bool","description_kind":"plain","optional":true},"interface_services":{"type":"bool","description_kind":"plain","optional":true},"shared_vip_services":{"type":"bool","description_kind":"plain","optional":true},"vip_services":{"type":"bool","description_kind":"plain","optional":true}},"block_types":{"destination_ip_address":{"nesting_mode":"set","block":{"attributes":{"protocol":{"type":"string","description_kind":"plain","optional":true}},"block_types":{"address":{"nesting_mode":"list","block":{"block_types":{"ipv4":{"nesting_mode":"set","block":{"attributes":{"addr":{"type":"string","description_kind":"plain","optional":true}},"description_kind":"plain"}},"ipv6":{"nesting_mode":"set","block":{"attributes":{"addr":{"type":"string","description_kind":"plain","optional":true}},"description_kind":"plain"}}},"description_kind":"plain"}},"ports":{"nesting_mode":"list","block":{"attributes":{"all":{"type":"bool","description_kind":"plain","optional":true},"dns":{"type":"bool","description_kind":"plain","optional":true},"user_defined":{"type":"number","description_kind":"plain","optional":true}},"description_kind":"plain"}}},"description_kind":"plain"}},"selected_vip_address":{"nesting_mode":"set","block":{"block_types":{"address":{"nesting_mode":"list","block":{"block_types":{"ipv4":{"nesting_mode":"set","block":{"attributes":{"addr":{"type":"string","description_kind":"plain","optional":true}},"description_kind":"plain"}},"ipv6":{"nesting_mode":"set","block":{"attributes":{"addr":{"type":"string","description_kind":"plain","optional":true}},"description_kind":"plain"}}},"description_kind":"plain"}}},"description_kind":"plain"}}},"description_kind":"plain"}},"network_type":{"nesting_mode":"set","block":{"attributes":{"public":{"type":"bool","description_kind":"plain","optional":true},"site_local":{"type":"bool","description_kind":"plain","optional":true},"site_local_inside":{"type":"bool","description_kind":"plain","optional":true}},"description_kind":"plain"}},"source_rules":{"nesting_mode":"list","block":{"attributes":{"name":{"type":"string","description_kind":"plain","optional":true},"namespace":{"type":"string","description_kind":"plain","optional":true},"tenant":{"type":"string","description_kind":"plain","optional":true}},"description_kind":"plain"}}},"description_kind":"plain"}},"protocol_policer":{"nesting_mode":"set","block":{"attributes":{"name":{"type":"string","description_kind":"plain","optional":true},"namespace":{"type":"string","description_kind":"plain","optional":true},"tenant":{"type":"string","description_kind":"plain","optional":true}},"description_kind":"plain"}},"re_acl":{"nesting_mode":"set","block":{"attributes":{"all_public_vips":{"type":"bool","description_kind":"plain","optional":true},"default_tenant_vip":{"type":"bool","description_kind":"plain","optional":true}},"block_types":{"fast_acl_rules":{"nesting_mode":"list","block":{"attributes":{"name":{"type":"string","description_kind":"plain","optional":true}},"block_types":{"action":{"nesting_mode":"set","block":{"attributes":{"simple_action":{"type":"string","description_kind":"plain","optional":true}},"block_types":{"policer_action":{"nesting_mode":"set","block":{"block_types":{"ref":{"nesting_mode":"list","block":{"attributes":{"kind":{"type":"string","description_kind":"plain","computed":true},"name":{"type":"string","description_kind":"plain","optional":true},"namespace":{"type":"string","description_kind":"plain","optional":true},"tenant":{"type":"string","description_kind":"plain","optional":true}},"description_kind":"plain"}}},"description_kind":"plain"}},"protocol_policer_action":{"nesting_mode":"set","block":{"block_types":{"ref":{"nesting_mode":"list","block":{"attributes":{"kind":{"type":"string","description_kind":"plain","computed":true},"name":{"type":"string","description_kind":"plain","optional":true},"namespace":{"type":"string","description_kind":"plain","optional":true},"tenant":{"type":"string","description_kind":"plain","optional":true}},"description_kind":"plain"}}},"description_kind":"plain"}}},"description_kind":"plain"}},"ip_prefix_set":{"nesting_mode":"set","block":{"block_types":{"ref":{"nesting_mode":"list","block":{"attributes":{"kind":{"type":"string","description_kind":"plain","computed":true},"name":{"type":"string","description_kind":"plain","optional":true},"namespace":{"type":"string","description_kind":"plain","optional":true},"tenant":{"type":"string","description_kind":"plain","optional":true}},"description_kind":"plain"}}},"description_kind":"plain"}},"metadata":{"nesting_mode":"set","block":{"attributes":{"description":{"type":"string","description_kind":"plain","optional":true},"disable":{"type":"bool","description_kind":"plain","optional":true},"name":{"type":"string","description_kind":"plain","optional":true}},"description_kind":"plain"}},"port":{"nesting_mode":"list","block":{"attributes":{"all":{"type":"bool","description_kind":"plain","optional":true},"dns":{"type":"bool","description_kind":"plain","optional":true},"user_defined":{"type":"number","description_kind":"plain","optional":true}},"description_kind":"plain"}},"prefix":{"nesting_mode":"set","block":{"attributes":{"prefix":{"type":["list","string"],"description_kind":"plain","optional":true}},"description_kind":"plain"}}},"description_kind":"plain"}},"selected_tenant_vip":{"nesting_mode":"set","block":{"attributes":{"default_tenant_vip":{"type":"bool","description_kind":"plain","optional":true}},"block_types":{"public_ip_refs":{"nesting_mode":"list","block":{"attributes":{"name":{"type":"string","description_kind":"plain","optional":true},"namespace":{"type":"string","description_kind":"plain","optional":true},"tenant":{"type":"string","description_kind":"plain","optional":true}},"description_kind":"plain"}}},"description_kind":"plain"}}},"description_kind":"plain"}},"site_acl":{"nesting_mode":"set","block":{"attributes":{"all_services":{"type":"bool","description_kind":"plain","optional":true},"inside_network":{"type":"bool","description_kind":"plain","optional":true},"interface_services":{"type":"bool","description_kind":"plain","optional":true},"outside_network":{"type":"bool","description_kind":"plain","optional":true},"vip_services":{"type":"bool","description_kind":"plain","optional":true}},"block_types":{"fast_acl_rules":{"nesting_mode":"list","block":{"attributes":{"name":{"type":"string","description_kind":"plain","optional":true}},"block_types":{"action":{"nesting_mode":"set","block":{"attributes":{"simple_action":{"type":"string","description_kind":"plain","optional":true}},"block_types":{"policer_action":{"nesting_mode":"set","block":{"block_types":{"ref":{"nesting_mode":"list","block":{"attributes":{"kind":{"type":"string","description_kind":"plain","computed":true},"name":{"type":"string","description_kind":"plain","optional":true},"namespace":{"type":"string","description_kind":"plain","optional":true},"tenant":{"type":"string","description_kind":"plain","optional":true}},"description_kind":"plain"}}},"description_kind":"plain"}},"protocol_policer_action":{"nesting_mode":"set","block":{"block_types":{"ref":{"nesting_mode":"list","block":{"attributes":{"kind":{"type":"string","description_kind":"plain","computed":true},"name":{"type":"string","description_kind":"plain","optional":true},"namespace":{"type":"string","description_kind":"plain","optional":true},"tenant":{"type":"string","description_kind":"plain","optional":true}},"description_kind":"plain"}}},"description_kind":"plain"}}},"description_kind":"plain"}},"ip_prefix_set":{"nesting_mode":"set","block":{"block_types":{"ref":{"nesting_mode":"list","block":{"attributes":{"kind":{"type":"string","description_kind":"plain","computed":true},"name":{"type":"string","description_kind":"plain","optional":true},"namespace":{"type":"string","description_kind":"plain","optional":true},"tenant":{"type":"string","description_kind":"plain","optional":true}},"description_kind":"plain"}}},"description_kind":"plain"}},"metadata":{"nesting_mode":"set","block":{"attributes":{"description":{"type":"string","description_kind":"plain","optional":true},"disable":{"type":"bool","description_kind":"plain","optional":true},"name":{"type":"string","description_kind":"plain","optional":true}},"description_kind":"plain"}},"port":{"nesting_mode":"list","block":{"attributes":{"all":{"type":"bool","description_kind":"plain","optional":true},"dns":{"type":"bool","description_kind":"plain","optional":true},"user_defined":{"type":"number","description_kind":"plain","optional":true}},"description_kind":"plain"}},"prefix":{"nesting_mode":"set","block":{"attributes":{"prefix":{"type":["list","string"],"description_kind":"plain","optional":true}},"description_kind":"plain"}}},"description_kind":"plain"}}},"description_kind":"plain"}}},"description_kind":"plain"}},"volterra_fast_acl_for_internet_vips":{"version":0,"block":{"attributes":{"id":{"type":"string","description_kind":"plain","optional":true,"computed":true}},"block_types":{"fast_acls":{"nesting_mode":"list","block":{"attributes":{"name":{"type":"string","description_kind":"plain","optional":true},"tenant":{"type":"string","description_kind":"plain","optional":true}},"description_kind":"plain"},"min_items":1}},"description_kind":"plain"}},"volterra_fast_acl_rule":{"version":0,"block":{"attributes":{"annotations":{"type":["map","string"],"description_kind":"plain","optional":true},"description":{"type":"string","description_kind":"plain","optional":true},"disable":{"type":"bool","description_kind":"plain","optional":true},"id":{"type":"string","description_kind":"plain","optional":true,"computed":true},"labels":{"type":["map","string"],"description_kind":"plain","optional":true},"name":{"type":"string","description_kind":"plain","required":true},"namespace":{"type":"string","description_kind":"plain","required":true}},"block_types":{"action":{"nesting_mode":"set","block":{"attributes":{"simple_action":{"type":"string","description_kind":"plain","optional":true}},"block_types":{"policer_action":{"nesting_mode":"set","block":{"block_types":{"ref":{"nesting_mode":"list","block":{"attributes":{"kind":{"type":"string","description_kind":"plain","computed":true},"name":{"type":"string","description_kind":"plain","optional":true},"namespace":{"type":"string","description_kind":"plain","optional":true},"tenant":{"type":"string","description_kind":"plain","optional":true}},"description_kind":"plain"}}},"description_kind":"plain"}},"protocol_policer_action":{"nesting_mode":"set","block":{"block_types":{"ref":{"nesting_mode":"list","block":{"attributes":{"kind":{"type":"string","description_kind":"plain","computed":true},"name":{"type":"string","description_kind":"plain","optional":true},"namespace":{"type":"string","description_kind":"plain","optional":true},"tenant":{"type":"string","description_kind":"plain","optional":true}},"description_kind":"plain"}}},"description_kind":"plain"}}},"description_kind":"plain"}},"ip_prefix_set":{"nesting_mode":"set","block":{"block_types":{"ref":{"nesting_mode":"list","block":{"attributes":{"kind":{"type":"string","description_kind":"plain","computed":true},"name":{"type":"string","description_kind":"plain","optional":true},"namespace":{"type":"string","description_kind":"plain","optional":true},"tenant":{"type":"string","description_kind":"plain","optional":true}},"description_kind":"plain"}}},"description_kind":"plain"}},"port":{"nesting_mode":"list","block":{"attributes":{"all":{"type":"bool","description_kind":"plain","optional":true},"dns":{"type":"bool","description_kind":"plain","optional":true},"user_defined":{"type":"number","description_kind":"plain","optional":true}},"description_kind":"plain"}},"prefix":{"nesting_mode":"set","block":{"attributes":{"prefix":{"type":["list","string"],"description_kind":"plain","optional":true}},"description_kind":"plain"}}},"description_kind":"plain"}},"volterra_fleet":{"version":0,"block":{"attributes":{"allow_all_usb":{"type":"bool","description_kind":"plain","optional":true},"annotations":{"type":["map","string"],"description_kind":"plain","optional":true},"default_config":{"type":"bool","description_kind":"plain","optional":true},"default_storage_class":{"type":"bool","description_kind":"plain","optional":true},"deny_all_usb":{"type":"bool","description_kind":"plain","optional":true},"description":{"type":"string","description_kind":"plain","optional":true},"disable":{"type":"bool","description_kind":"plain","optional":true},"disable_gpu":{"type":"bool","description_kind":"plain","optional":true},"enable_default_fleet_config_download":{"type":"bool","description_kind":"plain","optional":true},"enable_gpu":{"type":"bool","description_kind":"plain","optional":true},"fleet_label":{"type":"string","description_kind":"plain","required":true},"id":{"type":"string","description_kind":"plain","optional":true,"computed":true},"labels":{"type":["map","string"],"description_kind":"plain","optional":true},"logs_streaming_disabled":{"type":"bool","description_kind":"plain","optional":true},"name":{"type":"string","description_kind":"plain","required":true},"namespace":{"type":"string","description_kind":"plain","required":true},"no_bond_devices":{"type":"bool","description_kind":"plain","optional":true},"no_dc_cluster_group":{"type":"bool","description_kind":"plain","optional":true},"no_storage_device":{"type":"bool","description_kind":"plain","optional":true},"no_storage_interfaces":{"type":"bool","description_kind":"plain","optional":true},"no_storage_static_routes":{"type":"bool","description_kind":"plain","optional":true},"operating_system_version":{"type":"string","description_kind":"plain","optional":true},"volterra_software_version":{"type":"string","description_kind":"plain","optional":true}},"block_types":{"bond_device_list":{"nesting_mode":"set","block":{"block_types":{"bond_devices":{"nesting_mode":"list","block":{"attributes":{"active_backup":{"type":"bool","description_kind":"plain","optional":true},"devices":{"type":["list","string"],"description_kind":"plain","required":true},"link_polling_interval":{"type":"number","description_kind":"plain","optional":true},"link_up_delay":{"type":"number","description_kind":"plain","optional":true},"name":{"type":"string","description_kind":"plain","optional":true}},"block_types":{"lacp":{"nesting_mode":"set","block":{"attributes":{"rate":{"type":"number","description_kind":"plain","optional":true}},"description_kind":"plain"}}},"description_kind":"plain"}}},"description_kind":"plain"}},"dc_cluster_group":{"nesting_mode":"set","block":{"attributes":{"name":{"type":"string","description_kind":"plain","optional":true},"namespace":{"type":"string","description_kind":"plain","optional":true},"tenant":{"type":"string","description_kind":"plain","optional":true}},"description_kind":"plain"}},"dc_cluster_group_inside":{"nesting_mode":"set","block":{"attributes":{"name":{"type":"string","description_kind":"plain","optional":true},"namespace":{"type":"string","description_kind":"plain","optional":true},"tenant":{"type":"string","description_kind":"plain","optional":true}},"description_kind":"plain"}},"device_list":{"nesting_mode":"set","block":{"block_types":{"devices":{"nesting_mode":"list","block":{"attributes":{"name":{"type":"string","description_kind":"plain","optional":true},"owner":{"type":"string","description_kind":"plain","optional":true}},"block_types":{"network_device":{"nesting_mode":"set","block":{"attributes":{"use":{"type":"string","description_kind":"plain","optional":true}},"block_types":{"interface":{"nesting_mode":"list","block":{"attributes":{"kind":{"type":"string","description_kind":"plain","computed":true},"name":{"type":"string","description_kind":"plain","optional":true},"namespace":{"type":"string","description_kind":"plain","optional":true},"tenant":{"type":"string","description_kind":"plain","optional":true}},"description_kind":"plain"}}},"description_kind":"plain"}}},"description_kind":"plain"}}},"description_kind":"plain"}},"enable_vgpu":{"nesting_mode":"set","block":{"attributes":{"feature_type":{"type":"string","description_kind":"plain","optional":true},"server_address":{"type":"string","description_kind":"plain","optional":true},"server_port":{"type":"number","description_kind":"plain","optional":true}},"description_kind":"plain"}},"inside_virtual_network":{"nesting_mode":"list","block":{"attributes":{"kind":{"type":"string","description_kind":"plain","computed":true},"name":{"type":"string","description_kind":"plain","optional":true},"namespace":{"type":"string","description_kind":"plain","optional":true},"tenant":{"type":"string","description_kind":"plain","optional":true}},"description_kind":"plain"}},"interface_list":{"nesting_mode":"set","block":{"block_types":{"interfaces":{"nesting_mode":"list","block":{"attributes":{"name":{"type":"string","description_kind":"plain","optional":true},"namespace":{"type":"string","description_kind":"plain","optional":true},"tenant":{"type":"string","description_kind":"plain","optional":true}},"description_kind":"plain"}}},"description_kind":"plain"}},"log_receiver":{"nesting_mode":"set","block":{"attributes":{"name":{"type":"string","description_kind":"plain","optional":true},"namespace":{"type":"string","description_kind":"plain","optional":true},"tenant":{"type":"string","description_kind":"plain","optional":true}},"description_kind":"plain"}},"network_connectors":{"nesting_mode":"list","block":{"attributes":{"kind":{"type":"string","description_kind":"plain","computed":true},"name":{"type":"string","description_kind":"plain","optional":true},"namespace":{"type":"string","description_kind":"plain","optional":true},"tenant":{"type":"string","description_kind":"plain","optional":true}},"description_kind":"plain"}},"network_firewall":{"nesting_mode":"list","block":{"attributes":{"kind":{"type":"string","description_kind":"plain","computed":true},"name":{"type":"string","description_kind":"plain","optional":true},"namespace":{"type":"string","description_kind":"plain","optional":true},"tenant":{"type":"string","description_kind":"plain","optional":true}},"description_kind":"plain"}},"outside_virtual_network":{"nesting_mode":"list","block":{"attributes":{"kind":{"type":"string","description_kind":"plain","computed":true},"name":{"type":"string","description_kind":"plain","optional":true},"namespace":{"type":"string","description_kind":"plain","optional":true},"tenant":{"type":"string","description_kind":"plain","optional":true}},"description_kind":"plain"}},"storage_class_list":{"nesting_mode":"set","block":{"block_types":{"storage_classes":{"nesting_mode":"list","block":{"attributes":{"advanced_storage_parameters":{"type":["map","string"],"description_kind":"plain","optional":true},"allow_volume_expansion":{"type":"bool","description_kind":"plain","optional":true},"default_storage_class":{"type":"bool","description_kind":"plain","optional":true},"description":{"type":"string","description_kind":"plain","optional":true},"reclaim_policy":{"type":"string","description_kind":"plain","optional":true},"storage_class_name":{"type":"string","description_kind":"plain","optional":true},"storage_device":{"type":"string","description_kind":"plain","optional":true}},"block_types":{"custom_storage":{"nesting_mode":"set","block":{"attributes":{"yaml":{"type":"string","description_kind":"plain","optional":true}},"description_kind":"plain"}},"netapp_trident":{"nesting_mode":"set","block":{"attributes":{"selector":{"type":["map","string"],"description_kind":"plain","optional":true},"storage_pools":{"type":"string","description_kind":"plain","optional":true}},"description_kind":"plain"}},"openebs_enterprise":{"nesting_mode":"set","block":{"attributes":{"protocol":{"type":"string","description_kind":"plain","optional":true},"replication":{"type":"number","description_kind":"plain","optional":true}},"description_kind":"plain"}},"pure_service_orchestrator":{"nesting_mode":"set","block":{"attributes":{"backend":{"type":"string","description_kind":"plain","optional":true},"bandwidth_limit":{"type":"string","description_kind":"plain","optional":true},"iops_limit":{"type":"number","description_kind":"plain","optional":true}},"description_kind":"plain"}}},"description_kind":"plain"}}},"description_kind":"plain"}},"storage_device_list":{"nesting_mode":"set","block":{"block_types":{"storage_devices":{"nesting_mode":"list","block":{"attributes":{"advanced_advanced_parameters":{"type":["map","string"],"description_kind":"plain","optional":true},"custom_storage":{"type":"bool","description_kind":"plain","optional":true},"storage_device":{"type":"string","description_kind":"plain","optional":true}},"block_types":{"netapp_trident":{"nesting_mode":"set","block":{"block_types":{"netapp_backend_ontap_nas":{"nesting_mode":"set","block":{"attributes":{"auto_export_policy":{"type":"bool","description_kind":"plain","optional":true},"backend_name":{"type":"string","description_kind":"plain","optional":true},"client_certificate":{"type":"string","description_kind":"plain","optional":true},"data_lif_dns_name":{"type":"string","description_kind":"plain","optional":true},"data_lif_ip":{"type":"string","description_kind":"plain","optional":true},"labels":{"type":["map","string"],"description_kind":"plain","optional":true},"limit_aggregate_usage":{"type":"string","description_kind":"plain","optional":true},"limit_volume_size":{"type":"string","description_kind":"plain","optional":true},"management_lif_dns_name":{"type":"string","description_kind":"plain","optional":true},"management_lif_ip":{"type":"string","description_kind":"plain","optional":true},"nfs_mount_options":{"type":"string","description_kind":"plain","optional":true},"region":{"type":"string","description_kind":"plain","optional":true},"storage_driver_name":{"type":"string","description_kind":"plain","optional":true},"storage_prefix":{"type":"string","description_kind":"plain","optional":true},"svm":{"type":"string","description_kind":"plain","optional":true},"trusted_ca_certificate":{"type":"string","description_kind":"plain","optional":true},"username":{"type":"string","description_kind":"plain","optional":true}},"block_types":{"auto_export_cidrs":{"nesting_mode":"set","block":{"attributes":{"prefixes":{"type":["list","string"],"description_kind":"plain","required":true}},"description_kind":"plain"}},"client_private_key":{"nesting_mode":"set","block":{"attributes":{"secret_encoding_type":{"type":"string","description_kind":"plain","optional":true}},"block_types":{"blindfold_secret_info":{"nesting_mode":"set","block":{"attributes":{"decryption_provider":{"type":"string","description_kind":"plain","optional":true},"location":{"type":"string","description_kind":"plain","optional":true},"store_provider":{"type":"string","description_kind":"plain","optional":true}},"description_kind":"plain"}},"blindfold_secret_info_internal":{"nesting_mode":"set","block":{"attributes":{"decryption_provider":{"type":"string","description_kind":"plain","optional":true},"location":{"type":"string","description_kind":"plain","optional":true},"store_provider":{"type":"string","description_kind":"plain","optional":true}},"description_kind":"plain"}},"clear_secret_info":{"nesting_mode":"set","block":{"attributes":{"provider":{"type":"string","description_kind":"plain","optional":true},"url":{"type":"string","description_kind":"plain","optional":true}},"description_kind":"plain"}},"vault_secret_info":{"nesting_mode":"set","block":{"attributes":{"key":{"type":"string","description_kind":"plain","optional":true},"location":{"type":"string","description_kind":"plain","optional":true},"provider":{"type":"string","description_kind":"plain","optional":true},"secret_encoding":{"type":"string","description_kind":"plain","optional":true},"version":{"type":"number","description_kind":"plain","optional":true}},"description_kind":"plain"}},"wingman_secret_info":{"nesting_mode":"set","block":{"attributes":{"name":{"type":"string","description_kind":"plain","optional":true}},"description_kind":"plain"}}},"description_kind":"plain"}},"password":{"nesting_mode":"set","block":{"attributes":{"secret_encoding_type":{"type":"string","description_kind":"plain","optional":true}},"block_types":{"blindfold_secret_info":{"nesting_mode":"set","block":{"attributes":{"decryption_provider":{"type":"string","description_kind":"plain","optional":true},"location":{"type":"string","description_kind":"plain","optional":true},"store_provider":{"type":"string","description_kind":"plain","optional":true}},"description_kind":"plain"}},"blindfold_secret_info_internal":{"nesting_mode":"set","block":{"attributes":{"decryption_provider":{"type":"string","description_kind":"plain","optional":true},"location":{"type":"string","description_kind":"plain","optional":true},"store_provider":{"type":"string","description_kind":"plain","optional":true}},"description_kind":"plain"}},"clear_secret_info":{"nesting_mode":"set","block":{"attributes":{"provider":{"type":"string","description_kind":"plain","optional":true},"url":{"type":"string","description_kind":"plain","optional":true}},"description_kind":"plain"}},"vault_secret_info":{"nesting_mode":"set","block":{"attributes":{"key":{"type":"string","description_kind":"plain","optional":true},"location":{"type":"string","description_kind":"plain","optional":true},"provider":{"type":"string","description_kind":"plain","optional":true},"secret_encoding":{"type":"string","description_kind":"plain","optional":true},"version":{"type":"number","description_kind":"plain","optional":true}},"description_kind":"plain"}},"wingman_secret_info":{"nesting_mode":"set","block":{"attributes":{"name":{"type":"string","description_kind":"plain","optional":true}},"description_kind":"plain"}}},"description_kind":"plain"}},"storage":{"nesting_mode":"list","block":{"attributes":{"labels":{"type":["map","string"],"description_kind":"plain","optional":true},"zone":{"type":"string","description_kind":"plain","optional":true}},"block_types":{"volume_defaults":{"nesting_mode":"set","block":{"attributes":{"adaptive_qos_policy":{"type":"string","description_kind":"plain","optional":true},"encryption":{"type":"bool","description_kind":"plain","optional":true},"export_policy":{"type":"string","description_kind":"plain","optional":true},"no_qos":{"type":"bool","description_kind":"plain","optional":true},"qos_policy":{"type":"string","description_kind":"plain","optional":true},"security_style":{"type":"string","description_kind":"plain","optional":true},"snapshot_dir":{"type":"bool","description_kind":"plain","optional":true},"snapshot_policy":{"type":"string","description_kind":"plain","optional":true},"snapshot_reserve":{"type":"string","description_kind":"plain","optional":true},"space_reserve":{"type":"string","description_kind":"plain","optional":true},"split_on_clone":{"type":"bool","description_kind":"plain","optional":true},"tiering_policy":{"type":"string","description_kind":"plain","optional":true},"unix_permissions":{"type":"number","description_kind":"plain","optional":true}},"description_kind":"plain"}}},"description_kind":"plain"}},"volume_defaults":{"nesting_mode":"set","block":{"attributes":{"adaptive_qos_policy":{"type":"string","description_kind":"plain","optional":true},"encryption":{"type":"bool","description_kind":"plain","optional":true},"export_policy":{"type":"string","description_kind":"plain","optional":true},"no_qos":{"type":"bool","description_kind":"plain","optional":true},"qos_policy":{"type":"string","description_kind":"plain","optional":true},"security_style":{"type":"string","description_kind":"plain","optional":true},"snapshot_dir":{"type":"bool","description_kind":"plain","optional":true},"snapshot_policy":{"type":"string","description_kind":"plain","optional":true},"snapshot_reserve":{"type":"string","description_kind":"plain","optional":true},"space_reserve":{"type":"string","description_kind":"plain","optional":true},"split_on_clone":{"type":"bool","description_kind":"plain","optional":true},"tiering_policy":{"type":"string","description_kind":"plain","optional":true},"unix_permissions":{"type":"number","description_kind":"plain","optional":true}},"description_kind":"plain"}}},"description_kind":"plain"}},"netapp_backend_ontap_san":{"nesting_mode":"set","block":{"attributes":{"client_certificate":{"type":"string","description_kind":"plain","optional":true},"data_lif_dns_name":{"type":"string","description_kind":"plain","optional":true},"data_lif_ip":{"type":"string","description_kind":"plain","optional":true},"igroup_name":{"type":"string","description_kind":"plain","optional":true},"labels":{"type":["map","string"],"description_kind":"plain","optional":true},"limit_aggregate_usage":{"type":"number","description_kind":"plain","optional":true},"limit_volume_size":{"type":"number","description_kind":"plain","optional":true},"management_lif_dns_name":{"type":"string","description_kind":"plain","optional":true},"management_lif_ip":{"type":"string","description_kind":"plain","optional":true},"no_chap":{"type":"bool","description_kind":"plain","optional":true},"region":{"type":"string","description_kind":"plain","optional":true},"storage_driver_name":{"type":"string","description_kind":"plain","optional":true},"storage_prefix":{"type":"string","description_kind":"plain","optional":true},"svm":{"type":"string","description_kind":"plain","optional":true},"trusted_ca_certificate":{"type":"string","description_kind":"plain","optional":true},"username":{"type":"string","description_kind":"plain","optional":true}},"block_types":{"client_private_key":{"nesting_mode":"set","block":{"attributes":{"secret_encoding_type":{"type":"string","description_kind":"plain","optional":true}},"block_types":{"blindfold_secret_info":{"nesting_mode":"set","block":{"attributes":{"decryption_provider":{"type":"string","description_kind":"plain","optional":true},"location":{"type":"string","description_kind":"plain","optional":true},"store_provider":{"type":"string","description_kind":"plain","optional":true}},"description_kind":"plain"}},"blindfold_secret_info_internal":{"nesting_mode":"set","block":{"attributes":{"decryption_provider":{"type":"string","description_kind":"plain","optional":true},"location":{"type":"string","description_kind":"plain","optional":true},"store_provider":{"type":"string","description_kind":"plain","optional":true}},"description_kind":"plain"}},"clear_secret_info":{"nesting_mode":"set","block":{"attributes":{"provider":{"type":"string","description_kind":"plain","optional":true},"url":{"type":"string","description_kind":"plain","optional":true}},"description_kind":"plain"}},"vault_secret_info":{"nesting_mode":"set","block":{"attributes":{"key":{"type":"string","description_kind":"plain","optional":true},"location":{"type":"string","description_kind":"plain","optional":true},"provider":{"type":"string","description_kind":"plain","optional":true},"secret_encoding":{"type":"string","description_kind":"plain","optional":true},"version":{"type":"number","description_kind":"plain","optional":true}},"description_kind":"plain"}},"wingman_secret_info":{"nesting_mode":"set","block":{"attributes":{"name":{"type":"string","description_kind":"plain","optional":true}},"description_kind":"plain"}}},"description_kind":"plain"}},"password":{"nesting_mode":"set","block":{"attributes":{"secret_encoding_type":{"type":"string","description_kind":"plain","optional":true}},"block_types":{"blindfold_secret_info":{"nesting_mode":"set","block":{"attributes":{"decryption_provider":{"type":"string","description_kind":"plain","optional":true},"location":{"type":"string","description_kind":"plain","optional":true},"store_provider":{"type":"string","description_kind":"plain","optional":true}},"description_kind":"plain"}},"blindfold_secret_info_internal":{"nesting_mode":"set","block":{"attributes":{"decryption_provider":{"type":"string","description_kind":"plain","optional":true},"location":{"type":"string","description_kind":"plain","optional":true},"store_provider":{"type":"string","description_kind":"plain","optional":true}},"description_kind":"plain"}},"clear_secret_info":{"nesting_mode":"set","block":{"attributes":{"provider":{"type":"string","description_kind":"plain","optional":true},"url":{"type":"string","description_kind":"plain","optional":true}},"description_kind":"plain"}},"vault_secret_info":{"nesting_mode":"set","block":{"attributes":{"key":{"type":"string","description_kind":"plain","optional":true},"location":{"type":"string","description_kind":"plain","optional":true},"provider":{"type":"string","description_kind":"plain","optional":true},"secret_encoding":{"type":"string","description_kind":"plain","optional":true},"version":{"type":"number","description_kind":"plain","optional":true}},"description_kind":"plain"}},"wingman_secret_info":{"nesting_mode":"set","block":{"attributes":{"name":{"type":"string","description_kind":"plain","optional":true}},"description_kind":"plain"}}},"description_kind":"plain"}},"storage":{"nesting_mode":"list","block":{"attributes":{"labels":{"type":["map","string"],"description_kind":"plain","optional":true},"zone":{"type":"string","description_kind":"plain","optional":true}},"block_types":{"volume_defaults":{"nesting_mode":"set","block":{"attributes":{"adaptive_qos_policy":{"type":"string","description_kind":"plain","optional":true},"encryption":{"type":"bool","description_kind":"plain","optional":true},"export_policy":{"type":"string","description_kind":"plain","optional":true},"no_qos":{"type":"bool","description_kind":"plain","optional":true},"qos_policy":{"type":"string","description_kind":"plain","optional":true},"security_style":{"type":"string","description_kind":"plain","optional":true},"snapshot_dir":{"type":"bool","description_kind":"plain","optional":true},"snapshot_policy":{"type":"string","description_kind":"plain","optional":true},"snapshot_reserve":{"type":"string","description_kind":"plain","optional":true},"space_reserve":{"type":"string","description_kind":"plain","optional":true},"split_on_clone":{"type":"bool","description_kind":"plain","optional":true},"tiering_policy":{"type":"string","description_kind":"plain","optional":true},"unix_permissions":{"type":"number","description_kind":"plain","optional":true}},"description_kind":"plain"}}},"description_kind":"plain"}},"use_chap":{"nesting_mode":"set","block":{"attributes":{"chap_target_username":{"type":"string","description_kind":"plain","optional":true},"chap_username":{"type":"string","description_kind":"plain","optional":true}},"block_types":{"chap_initiator_secret":{"nesting_mode":"set","block":{"attributes":{"secret_encoding_type":{"type":"string","description_kind":"plain","optional":true}},"block_types":{"blindfold_secret_info":{"nesting_mode":"set","block":{"attributes":{"decryption_provider":{"type":"string","description_kind":"plain","optional":true},"location":{"type":"string","description_kind":"plain","optional":true},"store_provider":{"type":"string","description_kind":"plain","optional":true}},"description_kind":"plain"}},"blindfold_secret_info_internal":{"nesting_mode":"set","block":{"attributes":{"decryption_provider":{"type":"string","description_kind":"plain","optional":true},"location":{"type":"string","description_kind":"plain","optional":true},"store_provider":{"type":"string","description_kind":"plain","optional":true}},"description_kind":"plain"}},"clear_secret_info":{"nesting_mode":"set","block":{"attributes":{"provider":{"type":"string","description_kind":"plain","optional":true},"url":{"type":"string","description_kind":"plain","optional":true}},"description_kind":"plain"}},"vault_secret_info":{"nesting_mode":"set","block":{"attributes":{"key":{"type":"string","description_kind":"plain","optional":true},"location":{"type":"string","description_kind":"plain","optional":true},"provider":{"type":"string","description_kind":"plain","optional":true},"secret_encoding":{"type":"string","description_kind":"plain","optional":true},"version":{"type":"number","description_kind":"plain","optional":true}},"description_kind":"plain"}},"wingman_secret_info":{"nesting_mode":"set","block":{"attributes":{"name":{"type":"string","description_kind":"plain","optional":true}},"description_kind":"plain"}}},"description_kind":"plain"}},"chap_target_initiator_secret":{"nesting_mode":"set","block":{"attributes":{"secret_encoding_type":{"type":"string","description_kind":"plain","optional":true}},"block_types":{"blindfold_secret_info":{"nesting_mode":"set","block":{"attributes":{"decryption_provider":{"type":"string","description_kind":"plain","optional":true},"location":{"type":"string","description_kind":"plain","optional":true},"store_provider":{"type":"string","description_kind":"plain","optional":true}},"description_kind":"plain"}},"blindfold_secret_info_internal":{"nesting_mode":"set","block":{"attributes":{"decryption_provider":{"type":"string","description_kind":"plain","optional":true},"location":{"type":"string","description_kind":"plain","optional":true},"store_provider":{"type":"string","description_kind":"plain","optional":true}},"description_kind":"plain"}},"clear_secret_info":{"nesting_mode":"set","block":{"attributes":{"provider":{"type":"string","description_kind":"plain","optional":true},"url":{"type":"string","description_kind":"plain","optional":true}},"description_kind":"plain"}},"vault_secret_info":{"nesting_mode":"set","block":{"attributes":{"key":{"type":"string","description_kind":"plain","optional":true},"location":{"type":"string","description_kind":"plain","optional":true},"provider":{"type":"string","description_kind":"plain","optional":true},"secret_encoding":{"type":"string","description_kind":"plain","optional":true},"version":{"type":"number","description_kind":"plain","optional":true}},"description_kind":"plain"}},"wingman_secret_info":{"nesting_mode":"set","block":{"attributes":{"name":{"type":"string","description_kind":"plain","optional":true}},"description_kind":"plain"}}},"description_kind":"plain"}}},"description_kind":"plain"}},"volume_defaults":{"nesting_mode":"set","block":{"attributes":{"adaptive_qos_policy":{"type":"string","description_kind":"plain","optional":true},"encryption":{"type":"bool","description_kind":"plain","optional":true},"export_policy":{"type":"string","description_kind":"plain","optional":true},"no_qos":{"type":"bool","description_kind":"plain","optional":true},"qos_policy":{"type":"string","description_kind":"plain","optional":true},"security_style":{"type":"string","description_kind":"plain","optional":true},"snapshot_dir":{"type":"bool","description_kind":"plain","optional":true},"snapshot_policy":{"type":"string","description_kind":"plain","optional":true},"snapshot_reserve":{"type":"string","description_kind":"plain","optional":true},"space_reserve":{"type":"string","description_kind":"plain","optional":true},"split_on_clone":{"type":"bool","description_kind":"plain","optional":true},"tiering_policy":{"type":"string","description_kind":"plain","optional":true},"unix_permissions":{"type":"number","description_kind":"plain","optional":true}},"description_kind":"plain"}}},"description_kind":"plain"}}},"description_kind":"plain"}},"openebs_enterprise":{"nesting_mode":"set","block":{"block_types":{"mayastor_pools":{"nesting_mode":"list","block":{"attributes":{"node":{"type":"string","description_kind":"plain","optional":true},"pool_disk_devices":{"type":["list","string"],"description_kind":"plain","required":true},"pool_name":{"type":"string","description_kind":"plain","optional":true}},"description_kind":"plain"}}},"description_kind":"plain"}},"pure_service_orchestrator":{"nesting_mode":"set","block":{"attributes":{"cluster_id":{"type":"string","description_kind":"plain","optional":true},"enable_storage_topology":{"type":"bool","description_kind":"plain","optional":true},"enable_strict_topology":{"type":"bool","description_kind":"plain","optional":true}},"block_types":{"arrays":{"nesting_mode":"set","block":{"block_types":{"flash_array":{"nesting_mode":"set","block":{"attributes":{"default_fs_opt":{"type":"string","description_kind":"plain","optional":true},"default_fs_type":{"type":"string","description_kind":"plain","optional":true},"default_mount_opts":{"type":["list","string"],"description_kind":"plain","optional":true},"disable_preempt_attachments":{"type":"bool","description_kind":"plain","optional":true},"iscsi_login_timeout":{"type":"number","description_kind":"plain","optional":true},"san_type":{"type":"string","description_kind":"plain","optional":true}},"block_types":{"flash_arrays":{"nesting_mode":"list","block":{"attributes":{"labels":{"type":["map","string"],"description_kind":"plain","optional":true},"mgmt_dns_name":{"type":"string","description_kind":"plain","optional":true},"mgmt_ip":{"type":"string","description_kind":"plain","optional":true}},"block_types":{"api_token":{"nesting_mode":"set","block":{"attributes":{"secret_encoding_type":{"type":"string","description_kind":"plain","optional":true}},"block_types":{"blindfold_secret_info":{"nesting_mode":"set","block":{"attributes":{"decryption_provider":{"type":"string","description_kind":"plain","optional":true},"location":{"type":"string","description_kind":"plain","optional":true},"store_provider":{"type":"string","description_kind":"plain","optional":true}},"description_kind":"plain"}},"blindfold_secret_info_internal":{"nesting_mode":"set","block":{"attributes":{"decryption_provider":{"type":"string","description_kind":"plain","optional":true},"location":{"type":"string","description_kind":"plain","optional":true},"store_provider":{"type":"string","description_kind":"plain","optional":true}},"description_kind":"plain"}},"clear_secret_info":{"nesting_mode":"set","block":{"attributes":{"provider":{"type":"string","description_kind":"plain","optional":true},"url":{"type":"string","description_kind":"plain","optional":true}},"description_kind":"plain"}},"vault_secret_info":{"nesting_mode":"set","block":{"attributes":{"key":{"type":"string","description_kind":"plain","optional":true},"location":{"type":"string","description_kind":"plain","optional":true},"provider":{"type":"string","description_kind":"plain","optional":true},"secret_encoding":{"type":"string","description_kind":"plain","optional":true},"version":{"type":"number","description_kind":"plain","optional":true}},"description_kind":"plain"}},"wingman_secret_info":{"nesting_mode":"set","block":{"attributes":{"name":{"type":"string","description_kind":"plain","optional":true}},"description_kind":"plain"}}},"description_kind":"plain"}}},"description_kind":"plain"}}},"description_kind":"plain"}},"flash_blade":{"nesting_mode":"set","block":{"attributes":{"enable_snapshot_directory":{"type":"bool","description_kind":"plain","optional":true},"export_rules":{"type":"string","description_kind":"plain","optional":true}},"block_types":{"flash_blades":{"nesting_mode":"list","block":{"attributes":{"lables":{"type":["map","string"],"description_kind":"plain","optional":true},"mgmt_dns_name":{"type":"string","description_kind":"plain","optional":true},"mgmt_ip":{"type":"string","description_kind":"plain","optional":true},"nfs_endpoint_dns_name":{"type":"string","description_kind":"plain","optional":true},"nfs_endpoint_ip":{"type":"string","description_kind":"plain","optional":true}},"block_types":{"api_token":{"nesting_mode":"set","block":{"attributes":{"secret_encoding_type":{"type":"string","description_kind":"plain","optional":true}},"block_types":{"blindfold_secret_info":{"nesting_mode":"set","block":{"attributes":{"decryption_provider":{"type":"string","description_kind":"plain","optional":true},"location":{"type":"string","description_kind":"plain","optional":true},"store_provider":{"type":"string","description_kind":"plain","optional":true}},"description_kind":"plain"}},"blindfold_secret_info_internal":{"nesting_mode":"set","block":{"attributes":{"decryption_provider":{"type":"string","description_kind":"plain","optional":true},"location":{"type":"string","description_kind":"plain","optional":true},"store_provider":{"type":"string","description_kind":"plain","optional":true}},"description_kind":"plain"}},"clear_secret_info":{"nesting_mode":"set","block":{"attributes":{"provider":{"type":"string","description_kind":"plain","optional":true},"url":{"type":"string","description_kind":"plain","optional":true}},"description_kind":"plain"}},"vault_secret_info":{"nesting_mode":"set","block":{"attributes":{"key":{"type":"string","description_kind":"plain","optional":true},"location":{"type":"string","description_kind":"plain","optional":true},"provider":{"type":"string","description_kind":"plain","optional":true},"secret_encoding":{"type":"string","description_kind":"plain","optional":true},"version":{"type":"number","description_kind":"plain","optional":true}},"description_kind":"plain"}},"wingman_secret_info":{"nesting_mode":"set","block":{"attributes":{"name":{"type":"string","description_kind":"plain","optional":true}},"description_kind":"plain"}}},"description_kind":"plain"}}},"description_kind":"plain"}}},"description_kind":"plain"}}},"description_kind":"plain"}}},"description_kind":"plain"}}},"description_kind":"plain"}}},"description_kind":"plain"}},"storage_interface_list":{"nesting_mode":"set","block":{"block_types":{"interfaces":{"nesting_mode":"list","block":{"attributes":{"name":{"type":"string","description_kind":"plain","optional":true},"namespace":{"type":"string","description_kind":"plain","optional":true},"tenant":{"type":"string","description_kind":"plain","optional":true}},"description_kind":"plain"}}},"description_kind":"plain"}},"storage_static_routes":{"nesting_mode":"set","block":{"block_types":{"storage_routes":{"nesting_mode":"list","block":{"attributes":{"attrs":{"type":["list","string"],"description_kind":"plain","optional":true},"labels":{"type":["map","string"],"description_kind":"plain","optional":true}},"block_types":{"nexthop":{"nesting_mode":"set","block":{"attributes":{"type":{"type":"string","description_kind":"plain","optional":true}},"block_types":{"interface":{"nesting_mode":"list","block":{"attributes":{"kind":{"type":"string","description_kind":"plain","computed":true},"name":{"type":"string","description_kind":"plain","optional":true},"namespace":{"type":"string","description_kind":"plain","optional":true},"tenant":{"type":"string","description_kind":"plain","optional":true}},"description_kind":"plain"}},"nexthop_address":{"nesting_mode":"set","block":{"block_types":{"ipv4":{"nesting_mode":"set","block":{"attributes":{"addr":{"type":"string","description_kind":"plain","optional":true}},"description_kind":"plain"}},"ipv6":{"nesting_mode":"set","block":{"attributes":{"addr":{"type":"string","description_kind":"plain","optional":true}},"description_kind":"plain"}}},"description_kind":"plain"}}},"description_kind":"plain"}},"subnets":{"nesting_mode":"list","block":{"block_types":{"ipv4":{"nesting_mode":"set","block":{"attributes":{"plen":{"type":"number","description_kind":"plain","optional":true},"prefix":{"type":"string","description_kind":"plain","optional":true}},"description_kind":"plain"}},"ipv6":{"nesting_mode":"set","block":{"attributes":{"plen":{"type":"number","description_kind":"plain","optional":true},"prefix":{"type":"string","description_kind":"plain","optional":true}},"description_kind":"plain"}}},"description_kind":"plain"}}},"description_kind":"plain"}}},"description_kind":"plain"}},"usb_policy":{"nesting_mode":"set","block":{"attributes":{"name":{"type":"string","description_kind":"plain","optional":true},"namespace":{"type":"string","description_kind":"plain","optional":true},"tenant":{"type":"string","description_kind":"plain","optional":true}},"description_kind":"plain"}}},"description_kind":"plain"}},"volterra_forward_proxy_policy":{"version":0,"block":{"attributes":{"allow_all":{"type":"bool","description_kind":"plain","optional":true},"annotations":{"type":["map","string"],"description_kind":"plain","optional":true},"any_proxy":{"type":"bool","description_kind":"plain","optional":true},"description":{"type":"string","description_kind":"plain","optional":true},"disable":{"type":"bool","description_kind":"plain","optional":true},"drp_http_connect":{"type":"bool","description_kind":"plain","optional":true},"id":{"type":"string","description_kind":"plain","optional":true,"computed":true},"labels":{"type":["map","string"],"description_kind":"plain","optional":true},"name":{"type":"string","description_kind":"plain","required":true},"namespace":{"type":"string","description_kind":"plain","required":true}},"block_types":{"allow_list":{"nesting_mode":"set","block":{"attributes":{"default_action_allow":{"type":"bool","description_kind":"plain","optional":true},"default_action_deny":{"type":"bool","description_kind":"plain","optional":true},"default_action_next_policy":{"type":"bool","description_kind":"plain","optional":true}},"block_types":{"dest_list":{"nesting_mode":"list","block":{"attributes":{"port_ranges":{"type":"string","description_kind":"plain","optional":true},"prefixes":{"type":["list","string"],"description_kind":"plain","required":true}},"description_kind":"plain"}},"http_list":{"nesting_mode":"list","block":{"attributes":{"any_path":{"type":"bool","description_kind":"plain","optional":true},"exact_value":{"type":"string","description_kind":"plain","optional":true},"path_exact_value":{"type":"string","description_kind":"plain","optional":true},"path_prefix_value":{"type":"string","description_kind":"plain","optional":true},"path_regex_value":{"type":"string","description_kind":"plain","optional":true},"regex_value":{"type":"string","description_kind":"plain","optional":true},"suffix_value":{"type":"string","description_kind":"plain","optional":true}},"description_kind":"plain"}},"tls_list":{"nesting_mode":"list","block":{"attributes":{"exact_value":{"type":"string","description_kind":"plain","optional":true},"regex_value":{"type":"string","description_kind":"plain","optional":true},"suffix_value":{"type":"string","description_kind":"plain","optional":true}},"description_kind":"plain"}}},"description_kind":"plain"}},"deny_list":{"nesting_mode":"set","block":{"attributes":{"default_action_allow":{"type":"bool","description_kind":"plain","optional":true},"default_action_deny":{"type":"bool","description_kind":"plain","optional":true},"default_action_next_policy":{"type":"bool","description_kind":"plain","optional":true}},"block_types":{"dest_list":{"nesting_mode":"list","block":{"attributes":{"port_ranges":{"type":"string","description_kind":"plain","optional":true},"prefixes":{"type":["list","string"],"description_kind":"plain","required":true}},"description_kind":"plain"}},"http_list":{"nesting_mode":"list","block":{"attributes":{"any_path":{"type":"bool","description_kind":"plain","optional":true},"exact_value":{"type":"string","description_kind":"plain","optional":true},"path_exact_value":{"type":"string","description_kind":"plain","optional":true},"path_prefix_value":{"type":"string","description_kind":"plain","optional":true},"path_regex_value":{"type":"string","description_kind":"plain","optional":true},"regex_value":{"type":"string","description_kind":"plain","optional":true},"suffix_value":{"type":"string","description_kind":"plain","optional":true}},"description_kind":"plain"}},"tls_list":{"nesting_mode":"list","block":{"attributes":{"exact_value":{"type":"string","description_kind":"plain","optional":true},"regex_value":{"type":"string","description_kind":"plain","optional":true},"suffix_value":{"type":"string","description_kind":"plain","optional":true}},"description_kind":"plain"}}},"description_kind":"plain"}},"network_connector":{"nesting_mode":"set","block":{"attributes":{"name":{"type":"string","description_kind":"plain","optional":true},"namespace":{"type":"string","description_kind":"plain","optional":true},"tenant":{"type":"string","description_kind":"plain","optional":true}},"description_kind":"plain"}},"proxy_label_selector":{"nesting_mode":"set","block":{"attributes":{"expressions":{"type":["list","string"],"description_kind":"plain","required":true}},"description_kind":"plain"}},"rule_list":{"nesting_mode":"set","block":{"block_types":{"rules":{"nesting_mode":"list","block":{"attributes":{"action":{"type":"string","description_kind":"plain","optional":true},"all_destinations":{"type":"bool","description_kind":"plain","optional":true},"all_sources":{"type":"bool","description_kind":"plain","optional":true},"inside_sources":{"type":"bool","description_kind":"plain","optional":true},"namespace":{"type":"string","description_kind":"plain","optional":true},"no_http_connect_port":{"type":"bool","description_kind":"plain","optional":true},"rule_description":{"type":"string","description_kind":"plain","optional":true},"rule_name":{"type":"string","description_kind":"plain","optional":true}},"block_types":{"dst_asn_list":{"nesting_mode":"set","block":{"attributes":{"as_numbers":{"type":["list","number"],"description_kind":"plain","required":true}},"description_kind":"plain"}},"dst_asn_set":{"nesting_mode":"set","block":{"attributes":{"name":{"type":"string","description_kind":"plain","optional":true},"namespace":{"type":"string","description_kind":"plain","optional":true},"tenant":{"type":"string","description_kind":"plain","optional":true}},"description_kind":"plain"}},"dst_ip_prefix_set":{"nesting_mode":"set","block":{"attributes":{"name":{"type":"string","description_kind":"plain","optional":true},"namespace":{"type":"string","description_kind":"plain","optional":true},"tenant":{"type":"string","description_kind":"plain","optional":true}},"description_kind":"plain"}},"dst_label_selector":{"nesting_mode":"set","block":{"attributes":{"expressions":{"type":["list","string"],"description_kind":"plain","required":true}},"description_kind":"plain"}},"dst_prefix_list":{"nesting_mode":"set","block":{"attributes":{"prefixes":{"type":["list","string"],"description_kind":"plain","required":true}},"description_kind":"plain"}},"http_list":{"nesting_mode":"set","block":{"block_types":{"http_list":{"nesting_mode":"list","block":{"attributes":{"any_path":{"type":"bool","description_kind":"plain","optional":true},"exact_value":{"type":"string","description_kind":"plain","optional":true},"path_exact_value":{"type":"string","description_kind":"plain","optional":true},"path_prefix_value":{"type":"string","description_kind":"plain","optional":true},"path_regex_value":{"type":"string","description_kind":"plain","optional":true},"regex_value":{"type":"string","description_kind":"plain","optional":true},"suffix_value":{"type":"string","description_kind":"plain","optional":true}},"description_kind":"plain"}}},"description_kind":"plain"}},"interface":{"nesting_mode":"set","block":{"attributes":{"name":{"type":"string","description_kind":"plain","optional":true},"namespace":{"type":"string","description_kind":"plain","optional":true},"tenant":{"type":"string","description_kind":"plain","optional":true}},"description_kind":"plain"}},"ip_prefix_set":{"nesting_mode":"set","block":{"attributes":{"name":{"type":"string","description_kind":"plain","optional":true},"namespace":{"type":"string","description_kind":"plain","optional":true},"tenant":{"type":"string","description_kind":"plain","optional":true}},"description_kind":"plain"}},"label_selector":{"nesting_mode":"set","block":{"attributes":{"expressions":{"type":["list","string"],"description_kind":"plain","required":true}},"description_kind":"plain"}},"metadata":{"nesting_mode":"set","block":{"attributes":{"description":{"type":"string","description_kind":"plain","optional":true},"disable":{"type":"bool","description_kind":"plain","optional":true},"name":{"type":"string","description_kind":"plain","optional":true}},"description_kind":"plain"}},"port_matcher":{"nesting_mode":"set","block":{"attributes":{"invert_matcher":{"type":"bool","description_kind":"plain","optional":true},"ports":{"type":["list","string"],"description_kind":"plain","required":true}},"description_kind":"plain"}},"prefix_list":{"nesting_mode":"set","block":{"attributes":{"prefixes":{"type":["list","string"],"description_kind":"plain","required":true}},"description_kind":"plain"}},"tls_list":{"nesting_mode":"set","block":{"block_types":{"tls_list":{"nesting_mode":"list","block":{"attributes":{"exact_value":{"type":"string","description_kind":"plain","optional":true},"regex_value":{"type":"string","description_kind":"plain","optional":true},"suffix_value":{"type":"string","description_kind":"plain","optional":true}},"description_kind":"plain"}}},"description_kind":"plain"}}},"description_kind":"plain"}}},"description_kind":"plain"}}},"description_kind":"plain"}},"volterra_gcp_vpc_site":{"version":0,"block":{"attributes":{"address":{"type":"string","description_kind":"plain","optional":true},"annotations":{"type":["map","string"],"description_kind":"plain","optional":true},"assisted":{"type":"bool","description_kind":"plain","optional":true},"description":{"type":"string","description_kind":"plain","optional":true},"disable":{"type":"bool","description_kind":"plain","optional":true},"disk_size":{"type":"number","description_kind":"plain","optional":true},"gcp_region":{"type":"string","description_kind":"plain","required":true},"id":{"type":"string","description_kind":"plain","optional":true,"computed":true},"instance_type":{"type":"string","description_kind":"plain","required":true},"labels":{"type":["map","string"],"description_kind":"plain","optional":true},"logs_streaming_disabled":{"type":"bool","description_kind":"plain","optional":true},"name":{"type":"string","description_kind":"plain","required":true},"namespace":{"type":"string","description_kind":"plain","required":true},"nodes_per_az":{"type":"number","description_kind":"plain","optional":true},"ssh_key":{"type":"string","description_kind":"plain","optional":true}},"block_types":{"cloud_credentials":{"nesting_mode":"set","block":{"attributes":{"name":{"type":"string","description_kind":"plain","optional":true},"namespace":{"type":"string","description_kind":"plain","optional":true},"tenant":{"type":"string","description_kind":"plain","optional":true}},"description_kind":"plain"}},"coordinates":{"nesting_mode":"set","block":{"attributes":{"latitude":{"type":"number","description_kind":"plain","optional":true},"longitude":{"type":"number","description_kind":"plain","optional":true}},"description_kind":"plain"}},"ingress_egress_gw":{"nesting_mode":"set","block":{"attributes":{"forward_proxy_allow_all":{"type":"bool","description_kind":"plain","optional":true},"gcp_certified_hw":{"type":"string","description_kind":"plain","optional":true},"gcp_zone_names":{"type":["list","string"],"description_kind":"plain","required":true},"no_forward_proxy":{"type":"bool","description_kind":"plain","optional":true},"no_global_network":{"type":"bool","description_kind":"plain","optional":true},"no_inside_static_routes":{"type":"bool","description_kind":"plain","optional":true},"no_network_policy":{"type":"bool","description_kind":"plain","optional":true},"no_outside_static_routes":{"type":"bool","description_kind":"plain","optional":true},"node_number":{"type":"number","description_kind":"plain","optional":true}},"block_types":{"active_forward_proxy_policies":{"nesting_mode":"set","block":{"block_types":{"forward_proxy_policies":{"nesting_mode":"list","block":{"attributes":{"name":{"type":"string","description_kind":"plain","optional":true},"namespace":{"type":"string","description_kind":"plain","optional":true},"tenant":{"type":"string","description_kind":"plain","optional":true}},"description_kind":"plain"}}},"description_kind":"plain"}},"active_network_policies":{"nesting_mode":"set","block":{"block_types":{"network_policies":{"nesting_mode":"list","block":{"attributes":{"name":{"type":"string","description_kind":"plain","optional":true},"namespace":{"type":"string","description_kind":"plain","optional":true},"tenant":{"type":"string","description_kind":"plain","optional":true}},"description_kind":"plain"}}},"description_kind":"plain"}},"global_network_list":{"nesting_mode":"set","block":{"block_types":{"global_network_connections":{"nesting_mode":"list","block":{"attributes":{"disable_forward_proxy":{"type":"bool","description_kind":"plain","optional":true}},"block_types":{"enable_forward_proxy":{"nesting_mode":"set","block":{"attributes":{"connection_timeout":{"type":"number","description_kind":"plain","optional":true},"max_connect_attempts":{"type":"number","description_kind":"plain","optional":true},"no_interception":{"type":"bool","description_kind":"plain","optional":true},"white_listed_ports":{"type":["list","number"],"description_kind":"plain","optional":true},"white_listed_prefixes":{"type":["list","string"],"description_kind":"plain","optional":true}},"block_types":{"tls_intercept":{"nesting_mode":"set","block":{"attributes":{"enable_for_all_domains":{"type":"bool","description_kind":"plain","optional":true},"trusted_ca_url":{"type":"string","description_kind":"plain","optional":true},"volterra_certificate":{"type":"bool","description_kind":"plain","optional":true},"volterra_trusted_ca":{"type":"bool","description_kind":"plain","optional":true}},"block_types":{"custom_certificate":{"nesting_mode":"set","block":{"attributes":{"certificate_url":{"type":"string","description_kind":"plain","optional":true},"description":{"type":"string","description_kind":"plain","optional":true}},"block_types":{"private_key":{"nesting_mode":"set","block":{"attributes":{"secret_encoding_type":{"type":"string","description_kind":"plain","optional":true}},"block_types":{"blindfold_secret_info":{"nesting_mode":"set","block":{"attributes":{"decryption_provider":{"type":"string","description_kind":"plain","optional":true},"location":{"type":"string","description_kind":"plain","optional":true},"store_provider":{"type":"string","description_kind":"plain","optional":true}},"description_kind":"plain"}},"blindfold_secret_info_internal":{"nesting_mode":"set","block":{"attributes":{"decryption_provider":{"type":"string","description_kind":"plain","optional":true},"location":{"type":"string","description_kind":"plain","optional":true},"store_provider":{"type":"string","description_kind":"plain","optional":true}},"description_kind":"plain"}},"clear_secret_info":{"nesting_mode":"set","block":{"attributes":{"provider":{"type":"string","description_kind":"plain","optional":true},"url":{"type":"string","description_kind":"plain","optional":true}},"description_kind":"plain"}},"vault_secret_info":{"nesting_mode":"set","block":{"attributes":{"key":{"type":"string","description_kind":"plain","optional":true},"location":{"type":"string","description_kind":"plain","optional":true},"provider":{"type":"string","description_kind":"plain","optional":true},"secret_encoding":{"type":"string","description_kind":"plain","optional":true},"version":{"type":"number","description_kind":"plain","optional":true}},"description_kind":"plain"}},"wingman_secret_info":{"nesting_mode":"set","block":{"attributes":{"name":{"type":"string","description_kind":"plain","optional":true}},"description_kind":"plain"}}},"description_kind":"plain"}}},"description_kind":"plain"}},"policy":{"nesting_mode":"set","block":{"block_types":{"interception_rules":{"nesting_mode":"list","block":{"attributes":{"disable_interception":{"type":"bool","description_kind":"plain","optional":true},"enable_interception":{"type":"bool","description_kind":"plain","optional":true}},"block_types":{"domain_match":{"nesting_mode":"set","block":{"attributes":{"exact_value":{"type":"string","description_kind":"plain","optional":true},"regex_value":{"type":"string","description_kind":"plain","optional":true},"suffix_value":{"type":"string","description_kind":"plain","optional":true}},"description_kind":"plain"}}},"description_kind":"plain"}}},"description_kind":"plain"}}},"description_kind":"plain"}}},"description_kind":"plain"}},"sli_to_global_dr":{"nesting_mode":"set","block":{"block_types":{"global_vn":{"nesting_mode":"set","block":{"attributes":{"kind":{"type":"string","description_kind":"plain","computed":true},"name":{"type":"string","description_kind":"plain","optional":true},"namespace":{"type":"string","description_kind":"plain","optional":true},"tenant":{"type":"string","description_kind":"plain","optional":true}},"description_kind":"plain"}}},"description_kind":"plain"}},"slo_to_global_dr":{"nesting_mode":"set","block":{"block_types":{"global_vn":{"nesting_mode":"set","block":{"attributes":{"kind":{"type":"string","description_kind":"plain","computed":true},"name":{"type":"string","description_kind":"plain","optional":true},"namespace":{"type":"string","description_kind":"plain","optional":true},"tenant":{"type":"string","description_kind":"plain","optional":true}},"description_kind":"plain"}}},"description_kind":"plain"}}},"description_kind":"plain"}}},"description_kind":"plain"}},"inside_network":{"nesting_mode":"set","block":{"block_types":{"existing_network":{"nesting_mode":"set","block":{"attributes":{"name":{"type":"string","description_kind":"plain","optional":true}},"description_kind":"plain"}},"new_network":{"nesting_mode":"set","block":{"attributes":{"name":{"type":"string","description_kind":"plain","optional":true}},"description_kind":"plain"}},"new_network_autogenerate":{"nesting_mode":"set","block":{"attributes":{"autogenerate":{"type":"bool","description_kind":"plain","optional":true}},"description_kind":"plain"}}},"description_kind":"plain"}},"inside_static_routes":{"nesting_mode":"set","block":{"block_types":{"static_route_list":{"nesting_mode":"list","block":{"attributes":{"simple_static_route":{"type":"string","description_kind":"plain","optional":true}},"block_types":{"custom_static_route":{"nesting_mode":"set","block":{"attributes":{"attrs":{"type":["list","string"],"description_kind":"plain","optional":true},"labels":{"type":["map","string"],"description_kind":"plain","optional":true}},"block_types":{"nexthop":{"nesting_mode":"set","block":{"attributes":{"type":{"type":"string","description_kind":"plain","optional":true}},"block_types":{"interface":{"nesting_mode":"list","block":{"attributes":{"kind":{"type":"string","description_kind":"plain","computed":true},"name":{"type":"string","description_kind":"plain","optional":true},"namespace":{"type":"string","description_kind":"plain","optional":true},"tenant":{"type":"string","description_kind":"plain","optional":true}},"description_kind":"plain"}},"nexthop_address":{"nesting_mode":"set","block":{"block_types":{"ipv4":{"nesting_mode":"set","block":{"attributes":{"addr":{"type":"string","description_kind":"plain","optional":true}},"description_kind":"plain"}},"ipv6":{"nesting_mode":"set","block":{"attributes":{"addr":{"type":"string","description_kind":"plain","optional":true}},"description_kind":"plain"}}},"description_kind":"plain"}}},"description_kind":"plain"}},"subnets":{"nesting_mode":"list","block":{"block_types":{"ipv4":{"nesting_mode":"set","block":{"attributes":{"plen":{"type":"number","description_kind":"plain","optional":true},"prefix":{"type":"string","description_kind":"plain","optional":true}},"description_kind":"plain"}},"ipv6":{"nesting_mode":"set","block":{"attributes":{"plen":{"type":"number","description_kind":"plain","optional":true},"prefix":{"type":"string","description_kind":"plain","optional":true}},"description_kind":"plain"}}},"description_kind":"plain"}}},"description_kind":"plain"}}},"description_kind":"plain"}}},"description_kind":"plain"}},"inside_subnet":{"nesting_mode":"set","block":{"block_types":{"existing_subnet":{"nesting_mode":"set","block":{"attributes":{"subnet_name":{"type":"string","description_kind":"plain","optional":true}},"description_kind":"plain"}},"new_subnet":{"nesting_mode":"set","block":{"attributes":{"primary_ipv4":{"type":"string","description_kind":"plain","optional":true},"subnet_name":{"type":"string","description_kind":"plain","optional":true}},"description_kind":"plain"}}},"description_kind":"plain"}},"outside_network":{"nesting_mode":"set","block":{"block_types":{"existing_network":{"nesting_mode":"set","block":{"attributes":{"name":{"type":"string","description_kind":"plain","optional":true}},"description_kind":"plain"}},"new_network":{"nesting_mode":"set","block":{"attributes":{"name":{"type":"string","description_kind":"plain","optional":true}},"description_kind":"plain"}},"new_network_autogenerate":{"nesting_mode":"set","block":{"attributes":{"autogenerate":{"type":"bool","description_kind":"plain","optional":true}},"description_kind":"plain"}}},"description_kind":"plain"}},"outside_static_routes":{"nesting_mode":"set","block":{"block_types":{"static_route_list":{"nesting_mode":"list","block":{"attributes":{"simple_static_route":{"type":"string","description_kind":"plain","optional":true}},"block_types":{"custom_static_route":{"nesting_mode":"set","block":{"attributes":{"attrs":{"type":["list","string"],"description_kind":"plain","optional":true},"labels":{"type":["map","string"],"description_kind":"plain","optional":true}},"block_types":{"nexthop":{"nesting_mode":"set","block":{"attributes":{"type":{"type":"string","description_kind":"plain","optional":true}},"block_types":{"interface":{"nesting_mode":"list","block":{"attributes":{"kind":{"type":"string","description_kind":"plain","computed":true},"name":{"type":"string","description_kind":"plain","optional":true},"namespace":{"type":"string","description_kind":"plain","optional":true},"tenant":{"type":"string","description_kind":"plain","optional":true}},"description_kind":"plain"}},"nexthop_address":{"nesting_mode":"set","block":{"block_types":{"ipv4":{"nesting_mode":"set","block":{"attributes":{"addr":{"type":"string","description_kind":"plain","optional":true}},"description_kind":"plain"}},"ipv6":{"nesting_mode":"set","block":{"attributes":{"addr":{"type":"string","description_kind":"plain","optional":true}},"description_kind":"plain"}}},"description_kind":"plain"}}},"description_kind":"plain"}},"subnets":{"nesting_mode":"list","block":{"block_types":{"ipv4":{"nesting_mode":"set","block":{"attributes":{"plen":{"type":"number","description_kind":"plain","optional":true},"prefix":{"type":"string","description_kind":"plain","optional":true}},"description_kind":"plain"}},"ipv6":{"nesting_mode":"set","block":{"attributes":{"plen":{"type":"number","description_kind":"plain","optional":true},"prefix":{"type":"string","description_kind":"plain","optional":true}},"description_kind":"plain"}}},"description_kind":"plain"}}},"description_kind":"plain"}}},"description_kind":"plain"}}},"description_kind":"plain"}},"outside_subnet":{"nesting_mode":"set","block":{"block_types":{"existing_subnet":{"nesting_mode":"set","block":{"attributes":{"subnet_name":{"type":"string","description_kind":"plain","optional":true}},"description_kind":"plain"}},"new_subnet":{"nesting_mode":"set","block":{"attributes":{"primary_ipv4":{"type":"string","description_kind":"plain","optional":true},"subnet_name":{"type":"string","description_kind":"plain","optional":true}},"description_kind":"plain"}}},"description_kind":"plain"}}},"description_kind":"plain"}},"ingress_gw":{"nesting_mode":"set","block":{"attributes":{"gcp_certified_hw":{"type":"string","description_kind":"plain","optional":true},"gcp_zone_names":{"type":["list","string"],"description_kind":"plain","required":true},"node_number":{"type":"number","description_kind":"plain","optional":true}},"block_types":{"local_network":{"nesting_mode":"set","block":{"block_types":{"existing_network":{"nesting_mode":"set","block":{"attributes":{"name":{"type":"string","description_kind":"plain","optional":true}},"description_kind":"plain"}},"new_network":{"nesting_mode":"set","block":{"attributes":{"name":{"type":"string","description_kind":"plain","optional":true}},"description_kind":"plain"}},"new_network_autogenerate":{"nesting_mode":"set","block":{"attributes":{"autogenerate":{"type":"bool","description_kind":"plain","optional":true}},"description_kind":"plain"}}},"description_kind":"plain"}},"local_subnet":{"nesting_mode":"set","block":{"block_types":{"existing_subnet":{"nesting_mode":"set","block":{"attributes":{"subnet_name":{"type":"string","description_kind":"plain","optional":true}},"description_kind":"plain"}},"new_subnet":{"nesting_mode":"set","block":{"attributes":{"primary_ipv4":{"type":"string","description_kind":"plain","optional":true},"subnet_name":{"type":"string","description_kind":"plain","optional":true}},"description_kind":"plain"}}},"description_kind":"plain"}}},"description_kind":"plain"}},"log_receiver":{"nesting_mode":"set","block":{"attributes":{"name":{"type":"string","description_kind":"plain","optional":true},"namespace":{"type":"string","description_kind":"plain","optional":true},"tenant":{"type":"string","description_kind":"plain","optional":true}},"description_kind":"plain"}},"os":{"nesting_mode":"set","block":{"attributes":{"default_os_version":{"type":"bool","description_kind":"plain","optional":true},"operating_system_version":{"type":"string","description_kind":"plain","optional":true}},"description_kind":"plain"}},"sw":{"nesting_mode":"set","block":{"attributes":{"default_sw_version":{"type":"bool","description_kind":"plain","optional":true},"volterra_software_version":{"type":"string","description_kind":"plain","optional":true}},"description_kind":"plain"}},"voltstack_cluster":{"nesting_mode":"set","block":{"attributes":{"forward_proxy_allow_all":{"type":"bool","description_kind":"plain","optional":true},"gcp_certified_hw":{"type":"string","description_kind":"plain","optional":true},"gcp_zone_names":{"type":["list","string"],"description_kind":"plain","required":true},"no_forward_proxy":{"type":"bool","description_kind":"plain","optional":true},"no_global_network":{"type":"bool","description_kind":"plain","optional":true},"no_k8s_cluster":{"type":"bool","description_kind":"plain","optional":true},"no_network_policy":{"type":"bool","description_kind":"plain","optional":true},"no_outside_static_routes":{"type":"bool","description_kind":"plain","optional":true},"node_number":{"type":"number","description_kind":"plain","optional":true}},"block_types":{"active_forward_proxy_policies":{"nesting_mode":"set","block":{"block_types":{"forward_proxy_policies":{"nesting_mode":"list","block":{"attributes":{"name":{"type":"string","description_kind":"plain","optional":true},"namespace":{"type":"string","description_kind":"plain","optional":true},"tenant":{"type":"string","description_kind":"plain","optional":true}},"description_kind":"plain"}}},"description_kind":"plain"}},"active_network_policies":{"nesting_mode":"set","block":{"block_types":{"network_policies":{"nesting_mode":"list","block":{"attributes":{"name":{"type":"string","description_kind":"plain","optional":true},"namespace":{"type":"string","description_kind":"plain","optional":true},"tenant":{"type":"string","description_kind":"plain","optional":true}},"description_kind":"plain"}}},"description_kind":"plain"}},"global_network_list":{"nesting_mode":"set","block":{"block_types":{"global_network_connections":{"nesting_mode":"list","block":{"attributes":{"disable_forward_proxy":{"type":"bool","description_kind":"plain","optional":true}},"block_types":{"enable_forward_proxy":{"nesting_mode":"set","block":{"attributes":{"connection_timeout":{"type":"number","description_kind":"plain","optional":true},"max_connect_attempts":{"type":"number","description_kind":"plain","optional":true},"no_interception":{"type":"bool","description_kind":"plain","optional":true},"white_listed_ports":{"type":["list","number"],"description_kind":"plain","optional":true},"white_listed_prefixes":{"type":["list","string"],"description_kind":"plain","optional":true}},"block_types":{"tls_intercept":{"nesting_mode":"set","block":{"attributes":{"enable_for_all_domains":{"type":"bool","description_kind":"plain","optional":true},"trusted_ca_url":{"type":"string","description_kind":"plain","optional":true},"volterra_certificate":{"type":"bool","description_kind":"plain","optional":true},"volterra_trusted_ca":{"type":"bool","description_kind":"plain","optional":true}},"block_types":{"custom_certificate":{"nesting_mode":"set","block":{"attributes":{"certificate_url":{"type":"string","description_kind":"plain","optional":true},"description":{"type":"string","description_kind":"plain","optional":true}},"block_types":{"private_key":{"nesting_mode":"set","block":{"attributes":{"secret_encoding_type":{"type":"string","description_kind":"plain","optional":true}},"block_types":{"blindfold_secret_info":{"nesting_mode":"set","block":{"attributes":{"decryption_provider":{"type":"string","description_kind":"plain","optional":true},"location":{"type":"string","description_kind":"plain","optional":true},"store_provider":{"type":"string","description_kind":"plain","optional":true}},"description_kind":"plain"}},"blindfold_secret_info_internal":{"nesting_mode":"set","block":{"attributes":{"decryption_provider":{"type":"string","description_kind":"plain","optional":true},"location":{"type":"string","description_kind":"plain","optional":true},"store_provider":{"type":"string","description_kind":"plain","optional":true}},"description_kind":"plain"}},"clear_secret_info":{"nesting_mode":"set","block":{"attributes":{"provider":{"type":"string","description_kind":"plain","optional":true},"url":{"type":"string","description_kind":"plain","optional":true}},"description_kind":"plain"}},"vault_secret_info":{"nesting_mode":"set","block":{"attributes":{"key":{"type":"string","description_kind":"plain","optional":true},"location":{"type":"string","description_kind":"plain","optional":true},"provider":{"type":"string","description_kind":"plain","optional":true},"secret_encoding":{"type":"string","description_kind":"plain","optional":true},"version":{"type":"number","description_kind":"plain","optional":true}},"description_kind":"plain"}},"wingman_secret_info":{"nesting_mode":"set","block":{"attributes":{"name":{"type":"string","description_kind":"plain","optional":true}},"description_kind":"plain"}}},"description_kind":"plain"}}},"description_kind":"plain"}},"policy":{"nesting_mode":"set","block":{"block_types":{"interception_rules":{"nesting_mode":"list","block":{"attributes":{"disable_interception":{"type":"bool","description_kind":"plain","optional":true},"enable_interception":{"type":"bool","description_kind":"plain","optional":true}},"block_types":{"domain_match":{"nesting_mode":"set","block":{"attributes":{"exact_value":{"type":"string","description_kind":"plain","optional":true},"regex_value":{"type":"string","description_kind":"plain","optional":true},"suffix_value":{"type":"string","description_kind":"plain","optional":true}},"description_kind":"plain"}}},"description_kind":"plain"}}},"description_kind":"plain"}}},"description_kind":"plain"}}},"description_kind":"plain"}},"sli_to_global_dr":{"nesting_mode":"set","block":{"block_types":{"global_vn":{"nesting_mode":"set","block":{"attributes":{"kind":{"type":"string","description_kind":"plain","computed":true},"name":{"type":"string","description_kind":"plain","optional":true},"namespace":{"type":"string","description_kind":"plain","optional":true},"tenant":{"type":"string","description_kind":"plain","optional":true}},"description_kind":"plain"}}},"description_kind":"plain"}},"slo_to_global_dr":{"nesting_mode":"set","block":{"block_types":{"global_vn":{"nesting_mode":"set","block":{"attributes":{"kind":{"type":"string","description_kind":"plain","computed":true},"name":{"type":"string","description_kind":"plain","optional":true},"namespace":{"type":"string","description_kind":"plain","optional":true},"tenant":{"type":"string","description_kind":"plain","optional":true}},"description_kind":"plain"}}},"description_kind":"plain"}}},"description_kind":"plain"}}},"description_kind":"plain"}},"k8s_cluster":{"nesting_mode":"set","block":{"attributes":{"name":{"type":"string","description_kind":"plain","optional":true},"namespace":{"type":"string","description_kind":"plain","optional":true},"tenant":{"type":"string","description_kind":"plain","optional":true}},"description_kind":"plain"}},"outside_static_routes":{"nesting_mode":"set","block":{"block_types":{"static_route_list":{"nesting_mode":"list","block":{"attributes":{"simple_static_route":{"type":"string","description_kind":"plain","optional":true}},"block_types":{"custom_static_route":{"nesting_mode":"set","block":{"attributes":{"attrs":{"type":["list","string"],"description_kind":"plain","optional":true},"labels":{"type":["map","string"],"description_kind":"plain","optional":true}},"block_types":{"nexthop":{"nesting_mode":"set","block":{"attributes":{"type":{"type":"string","description_kind":"plain","optional":true}},"block_types":{"interface":{"nesting_mode":"list","block":{"attributes":{"kind":{"type":"string","description_kind":"plain","computed":true},"name":{"type":"string","description_kind":"plain","optional":true},"namespace":{"type":"string","description_kind":"plain","optional":true},"tenant":{"type":"string","description_kind":"plain","optional":true}},"description_kind":"plain"}},"nexthop_address":{"nesting_mode":"set","block":{"block_types":{"ipv4":{"nesting_mode":"set","block":{"attributes":{"addr":{"type":"string","description_kind":"plain","optional":true}},"description_kind":"plain"}},"ipv6":{"nesting_mode":"set","block":{"attributes":{"addr":{"type":"string","description_kind":"plain","optional":true}},"description_kind":"plain"}}},"description_kind":"plain"}}},"description_kind":"plain"}},"subnets":{"nesting_mode":"list","block":{"block_types":{"ipv4":{"nesting_mode":"set","block":{"attributes":{"plen":{"type":"number","description_kind":"plain","optional":true},"prefix":{"type":"string","description_kind":"plain","optional":true}},"description_kind":"plain"}},"ipv6":{"nesting_mode":"set","block":{"attributes":{"plen":{"type":"number","description_kind":"plain","optional":true},"prefix":{"type":"string","description_kind":"plain","optional":true}},"description_kind":"plain"}}},"description_kind":"plain"}}},"description_kind":"plain"}}},"description_kind":"plain"}}},"description_kind":"plain"}},"site_local_network":{"nesting_mode":"set","block":{"block_types":{"existing_network":{"nesting_mode":"set","block":{"attributes":{"name":{"type":"string","description_kind":"plain","optional":true}},"description_kind":"plain"}},"new_network":{"nesting_mode":"set","block":{"attributes":{"name":{"type":"string","description_kind":"plain","optional":true}},"description_kind":"plain"}},"new_network_autogenerate":{"nesting_mode":"set","block":{"attributes":{"autogenerate":{"type":"bool","description_kind":"plain","optional":true}},"description_kind":"plain"}}},"description_kind":"plain"}},"site_local_subnet":{"nesting_mode":"set","block":{"block_types":{"existing_subnet":{"nesting_mode":"set","block":{"attributes":{"subnet_name":{"type":"string","description_kind":"plain","optional":true}},"description_kind":"plain"}},"new_subnet":{"nesting_mode":"set","block":{"attributes":{"primary_ipv4":{"type":"string","description_kind":"plain","optional":true},"subnet_name":{"type":"string","description_kind":"plain","optional":true}},"description_kind":"plain"}}},"description_kind":"plain"}}},"description_kind":"plain"}}},"description_kind":"plain"}},"volterra_healthcheck":{"version":0,"block":{"attributes":{"annotations":{"type":["map","string"],"description_kind":"plain","optional":true},"description":{"type":"string","description_kind":"plain","optional":true},"disable":{"type":"bool","description_kind":"plain","optional":true},"healthy_threshold":{"type":"number","description_kind":"plain","required":true},"id":{"type":"string","description_kind":"plain","optional":true,"computed":true},"interval":{"type":"number","description_kind":"plain","required":true},"jitter_percent":{"type":"number","description_kind":"plain","optional":true},"labels":{"type":["map","string"],"description_kind":"plain","optional":true},"name":{"type":"string","description_kind":"plain","required":true},"namespace":{"type":"string","description_kind":"plain","required":true},"timeout":{"type":"number","description_kind":"plain","required":true},"unhealthy_threshold":{"type":"number","description_kind":"plain","required":true}},"block_types":{"http_health_check":{"nesting_mode":"set","block":{"attributes":{"headers":{"type":["map","string"],"description_kind":"plain","optional":true},"host_header":{"type":"string","description_kind":"plain","optional":true},"path":{"type":"string","description_kind":"plain","optional":true},"request_headers_to_remove":{"type":["list","string"],"description_kind":"plain","optional":true},"use_http2":{"type":"bool","description_kind":"plain","optional":true},"use_origin_server_name":{"type":"bool","description_kind":"plain","optional":true}},"description_kind":"plain"}},"tcp_health_check":{"nesting_mode":"set","block":{"attributes":{"expected_response":{"type":"string","description_kind":"plain","optional":true},"send_payload":{"type":"string","description_kind":"plain","optional":true}},"description_kind":"plain"}}},"description_kind":"plain"}},"volterra_http_loadbalancer":{"version":0,"block":{"attributes":{"add_location":{"type":"bool","description_kind":"plain","optional":true},"advertise_on_public_default_vip":{"type":"bool","description_kind":"plain","optional":true},"annotations":{"type":["map","string"],"description_kind":"plain","optional":true},"description":{"type":"string","description_kind":"plain","optional":true},"disable":{"type":"bool","description_kind":"plain","optional":true},"disable_rate_limit":{"type":"bool","description_kind":"plain","optional":true},"disable_waf":{"type":"bool","description_kind":"plain","optional":true},"do_not_advertise":{"type":"bool","description_kind":"plain","optional":true},"domains":{"type":["list","string"],"description_kind":"plain","required":true},"id":{"type":"string","description_kind":"plain","optional":true,"computed":true},"labels":{"type":["map","string"],"description_kind":"plain","optional":true},"least_active":{"type":"bool","description_kind":"plain","optional":true},"name":{"type":"string","description_kind":"plain","required":true},"namespace":{"type":"string","description_kind":"plain","required":true},"no_challenge":{"type":"bool","description_kind":"plain","optional":true},"no_service_policies":{"type":"bool","description_kind":"plain","optional":true},"random":{"type":"bool","description_kind":"plain","optional":true},"round_robin":{"type":"bool","description_kind":"plain","optional":true},"service_policies_from_namespace":{"type":"bool","description_kind":"plain","optional":true},"source_ip_stickiness":{"type":"bool","description_kind":"plain","optional":true}},"block_types":{"active_service_policies":{"nesting_mode":"set","block":{"block_types":{"policies":{"nesting_mode":"list","block":{"attributes":{"name":{"type":"string","description_kind":"plain","optional":true},"namespace":{"type":"string","description_kind":"plain","optional":true},"tenant":{"type":"string","description_kind":"plain","optional":true}},"description_kind":"plain"}}},"description_kind":"plain"}},"advertise_custom":{"nesting_mode":"set","block":{"block_types":{"advertise_where":{"nesting_mode":"list","block":{"attributes":{"port":{"type":"number","description_kind":"plain","optional":true},"use_default_port":{"type":"bool","description_kind":"plain","optional":true}},"block_types":{"site":{"nesting_mode":"set","block":{"attributes":{"ip":{"type":"string","description_kind":"plain","optional":true},"network":{"type":"string","description_kind":"plain","optional":true}},"block_types":{"site":{"nesting_mode":"set","block":{"attributes":{"kind":{"type":"string","description_kind":"plain","computed":true},"name":{"type":"string","description_kind":"plain","optional":true},"namespace":{"type":"string","description_kind":"plain","optional":true},"tenant":{"type":"string","description_kind":"plain","optional":true}},"description_kind":"plain"}}},"description_kind":"plain"}},"virtual_network":{"nesting_mode":"set","block":{"attributes":{"default_vip":{"type":"bool","description_kind":"plain","optional":true},"specific_vip":{"type":"string","description_kind":"plain","optional":true}},"block_types":{"virtual_network":{"nesting_mode":"set","block":{"attributes":{"kind":{"type":"string","description_kind":"plain","computed":true},"name":{"type":"string","description_kind":"plain","optional":true},"namespace":{"type":"string","description_kind":"plain","optional":true},"tenant":{"type":"string","description_kind":"plain","optional":true}},"description_kind":"plain"}}},"description_kind":"plain"}},"virtual_site":{"nesting_mode":"set","block":{"attributes":{"network":{"type":"string","description_kind":"plain","optional":true}},"block_types":{"virtual_site":{"nesting_mode":"set","block":{"attributes":{"kind":{"type":"string","description_kind":"plain","computed":true},"name":{"type":"string","description_kind":"plain","optional":true},"namespace":{"type":"string","description_kind":"plain","optional":true},"tenant":{"type":"string","description_kind":"plain","optional":true}},"description_kind":"plain"}}},"description_kind":"plain"}},"vk8s_service":{"nesting_mode":"set","block":{"block_types":{"site":{"nesting_mode":"set","block":{"attributes":{"kind":{"type":"string","description_kind":"plain","computed":true},"name":{"type":"string","description_kind":"plain","optional":true},"namespace":{"type":"string","description_kind":"plain","optional":true},"tenant":{"type":"string","description_kind":"plain","optional":true}},"description_kind":"plain"}},"virtual_site":{"nesting_mode":"set","block":{"attributes":{"kind":{"type":"string","description_kind":"plain","computed":true},"name":{"type":"string","description_kind":"plain","optional":true},"namespace":{"type":"string","description_kind":"plain","optional":true},"tenant":{"type":"string","description_kind":"plain","optional":true}},"description_kind":"plain"}}},"description_kind":"plain"}}},"description_kind":"plain"}}},"description_kind":"plain"}},"advertise_on_public":{"nesting_mode":"set","block":{"block_types":{"public_ip":{"nesting_mode":"set","block":{"attributes":{"kind":{"type":"string","description_kind":"plain","computed":true},"name":{"type":"string","description_kind":"plain","optional":true},"namespace":{"type":"string","description_kind":"plain","optional":true},"tenant":{"type":"string","description_kind":"plain","optional":true}},"description_kind":"plain"}}},"description_kind":"plain"}},"app_firewall":{"nesting_mode":"set","block":{"attributes":{"name":{"type":"string","description_kind":"plain","optional":true},"namespace":{"type":"string","description_kind":"plain","optional":true},"tenant":{"type":"string","description_kind":"plain","optional":true}},"description_kind":"plain"}},"blocked_clients":{"nesting_mode":"list","block":{"attributes":{"as_number":{"type":"number","description_kind":"plain","optional":true},"expiration_timestamp":{"type":"string","description_kind":"plain","optional":true},"ip_prefix":{"type":"string","description_kind":"plain","optional":true}},"block_types":{"metadata":{"nesting_mode":"set","block":{"attributes":{"description":{"type":"string","description_kind":"plain","optional":true},"disable":{"type":"bool","description_kind":"plain","optional":true},"name":{"type":"string","description_kind":"plain","optional":true}},"description_kind":"plain"}}},"description_kind":"plain"}},"captcha_challenge":{"nesting_mode":"set","block":{"attributes":{"cookie_expiry":{"type":"number","description_kind":"plain","optional":true},"custom_page":{"type":"string","description_kind":"plain","optional":true}},"description_kind":"plain"}},"cookie_stickiness":{"nesting_mode":"set","block":{"attributes":{"name":{"type":"string","description_kind":"plain","optional":true},"path":{"type":"string","description_kind":"plain","optional":true},"ttl":{"type":"number","description_kind":"plain","optional":true}},"description_kind":"plain"}},"cors_policy":{"nesting_mode":"set","block":{"attributes":{"allow_credentials":{"type":"bool","description_kind":"plain","optional":true},"allow_headers":{"type":"string","description_kind":"plain","optional":true},"allow_methods":{"type":"string","description_kind":"plain","optional":true},"allow_origin":{"type":["list","string"],"description_kind":"plain","optional":true},"allow_origin_regex":{"type":["list","string"],"description_kind":"plain","optional":true},"disabled":{"type":"bool","description_kind":"plain","optional":true},"expose_headers":{"type":"string","description_kind":"plain","optional":true},"max_age":{"type":"string","description_kind":"plain","optional":true},"maximum_age":{"type":"number","description_kind":"plain","optional":true}},"description_kind":"plain"}},"ddos_mitigation_rules":{"nesting_mode":"list","block":{"attributes":{"block":{"type":"bool","description_kind":"plain","optional":true},"expiration_timestamp":{"type":"string","description_kind":"plain","optional":true}},"block_types":{"ddos_client_source":{"nesting_mode":"set","block":{"attributes":{"country_list":{"type":["list","string"],"description_kind":"plain","optional":true}},"block_types":{"asn_list":{"nesting_mode":"set","block":{"attributes":{"as_numbers":{"type":["list","number"],"description_kind":"plain","required":true}},"description_kind":"plain"}},"tls_fingerprint_matcher":{"nesting_mode":"set","block":{"attributes":{"classes":{"type":["list","string"],"description_kind":"plain","optional":true},"exact_values":{"type":["list","string"],"description_kind":"plain","optional":true},"excluded_values":{"type":["list","string"],"description_kind":"plain","optional":true}},"description_kind":"plain"}}},"description_kind":"plain"}},"ip_prefix_list":{"nesting_mode":"set","block":{"attributes":{"invert_match":{"type":"bool","description_kind":"plain","optional":true},"ip_prefixes":{"type":["list","string"],"description_kind":"plain","required":true}},"description_kind":"plain"}},"metadata":{"nesting_mode":"set","block":{"attributes":{"description":{"type":"string","description_kind":"plain","optional":true},"disable":{"type":"bool","description_kind":"plain","optional":true},"name":{"type":"string","description_kind":"plain","optional":true}},"description_kind":"plain"}}},"description_kind":"plain"}},"default_route_pools":{"nesting_mode":"list","block":{"attributes":{"endpoint_subsets":{"type":["map","string"],"description_kind":"plain","optional":true},"weight":{"type":"number","description_kind":"plain","optional":true}},"block_types":{"cluster":{"nesting_mode":"set","block":{"attributes":{"kind":{"type":"string","description_kind":"plain","computed":true},"name":{"type":"string","description_kind":"plain","optional":true},"namespace":{"type":"string","description_kind":"plain","optional":true},"tenant":{"type":"string","description_kind":"plain","optional":true}},"description_kind":"plain"}},"pool":{"nesting_mode":"set","block":{"attributes":{"kind":{"type":"string","description_kind":"plain","computed":true},"name":{"type":"string","description_kind":"plain","optional":true},"namespace":{"type":"string","description_kind":"plain","optional":true},"tenant":{"type":"string","description_kind":"plain","optional":true}},"description_kind":"plain"}}},"description_kind":"plain"}},"http":{"nesting_mode":"set","block":{"attributes":{"dns_volterra_managed":{"type":"bool","description_kind":"plain","optional":true}},"description_kind":"plain"}},"https":{"nesting_mode":"set","block":{"attributes":{"add_hsts":{"type":"bool","description_kind":"plain","optional":true},"append_server_name":{"type":"string","description_kind":"plain","optional":true},"default_header":{"type":"bool","description_kind":"plain","optional":true},"http_redirect":{"type":"bool","description_kind":"plain","optional":true},"pass_through":{"type":"bool","description_kind":"plain","optional":true},"server_name":{"type":"string","description_kind":"plain","optional":true}},"block_types":{"tls_parameters":{"nesting_mode":"set","block":{"attributes":{"no_mtls":{"type":"bool","description_kind":"plain","optional":true}},"block_types":{"tls_certificates":{"nesting_mode":"list","block":{"attributes":{"certificate_url":{"type":"string","description_kind":"plain","optional":true},"description":{"type":"string","description_kind":"plain","optional":true}},"block_types":{"private_key":{"nesting_mode":"set","block":{"attributes":{"secret_encoding_type":{"type":"string","description_kind":"plain","optional":true}},"block_types":{"blindfold_secret_info":{"nesting_mode":"set","block":{"attributes":{"decryption_provider":{"type":"string","description_kind":"plain","optional":true},"location":{"type":"string","description_kind":"plain","optional":true},"store_provider":{"type":"string","description_kind":"plain","optional":true}},"description_kind":"plain"}},"blindfold_secret_info_internal":{"nesting_mode":"set","block":{"attributes":{"decryption_provider":{"type":"string","description_kind":"plain","optional":true},"location":{"type":"string","description_kind":"plain","optional":true},"store_provider":{"type":"string","description_kind":"plain","optional":true}},"description_kind":"plain"}},"clear_secret_info":{"nesting_mode":"set","block":{"attributes":{"provider":{"type":"string","description_kind":"plain","optional":true},"url":{"type":"string","description_kind":"plain","optional":true}},"description_kind":"plain"}},"vault_secret_info":{"nesting_mode":"set","block":{"attributes":{"key":{"type":"string","description_kind":"plain","optional":true},"location":{"type":"string","description_kind":"plain","optional":true},"provider":{"type":"string","description_kind":"plain","optional":true},"secret_encoding":{"type":"string","description_kind":"plain","optional":true},"version":{"type":"number","description_kind":"plain","optional":true}},"description_kind":"plain"}},"wingman_secret_info":{"nesting_mode":"set","block":{"attributes":{"name":{"type":"string","description_kind":"plain","optional":true}},"description_kind":"plain"}}},"description_kind":"plain"}}},"description_kind":"plain"}},"tls_config":{"nesting_mode":"set","block":{"attributes":{"default_security":{"type":"bool","description_kind":"plain","optional":true},"low_security":{"type":"bool","description_kind":"plain","optional":true},"medium_security":{"type":"bool","description_kind":"plain","optional":true}},"block_types":{"custom_security":{"nesting_mode":"set","block":{"attributes":{"cipher_suites":{"type":["list","string"],"description_kind":"plain","required":true},"max_version":{"type":"string","description_kind":"plain","optional":true},"min_version":{"type":"string","description_kind":"plain","optional":true}},"description_kind":"plain"}}},"description_kind":"plain"}},"use_mtls":{"nesting_mode":"set","block":{"attributes":{"trusted_ca_url":{"type":"string","description_kind":"plain","optional":true}},"description_kind":"plain"}}},"description_kind":"plain"}}},"description_kind":"plain"}},"https_auto_cert":{"nesting_mode":"set","block":{"attributes":{"add_hsts":{"type":"bool","description_kind":"plain","optional":true},"append_server_name":{"type":"string","description_kind":"plain","optional":true},"default_header":{"type":"bool","description_kind":"plain","optional":true},"http_redirect":{"type":"bool","description_kind":"plain","optional":true},"no_mtls":{"type":"bool","description_kind":"plain","optional":true},"pass_through":{"type":"bool","description_kind":"plain","optional":true},"server_name":{"type":"string","description_kind":"plain","optional":true}},"block_types":{"tls_config":{"nesting_mode":"set","block":{"attributes":{"default_security":{"type":"bool","description_kind":"plain","optional":true},"low_security":{"type":"bool","description_kind":"plain","optional":true},"medium_security":{"type":"bool","description_kind":"plain","optional":true}},"block_types":{"custom_security":{"nesting_mode":"set","block":{"attributes":{"cipher_suites":{"type":["list","string"],"description_kind":"plain","required":true},"max_version":{"type":"string","description_kind":"plain","optional":true},"min_version":{"type":"string","description_kind":"plain","optional":true}},"description_kind":"plain"}}},"description_kind":"plain"}},"use_mtls":{"nesting_mode":"set","block":{"attributes":{"trusted_ca_url":{"type":"string","description_kind":"plain","optional":true}},"description_kind":"plain"}}},"description_kind":"plain"}},"js_challenge":{"nesting_mode":"set","block":{"attributes":{"cookie_expiry":{"type":"number","description_kind":"plain","optional":true},"custom_page":{"type":"string","description_kind":"plain","optional":true},"js_script_delay":{"type":"number","description_kind":"plain","optional":true}},"description_kind":"plain"}},"malicious_user_mitigation":{"nesting_mode":"set","block":{"attributes":{"name":{"type":"string","description_kind":"plain","optional":true},"namespace":{"type":"string","description_kind":"plain","optional":true},"tenant":{"type":"string","description_kind":"plain","optional":true}},"description_kind":"plain"}},"more_option":{"nesting_mode":"set","block":{"attributes":{"custom_errors":{"type":["map","string"],"description_kind":"plain","optional":true},"disable_default_error_pages":{"type":"bool","description_kind":"plain","optional":true},"idle_timeout":{"type":"number","description_kind":"plain","optional":true},"max_request_header_size":{"type":"number","description_kind":"plain","optional":true},"request_headers_to_remove":{"type":["list","string"],"description_kind":"plain","optional":true},"response_headers_to_remove":{"type":["list","string"],"description_kind":"plain","optional":true}},"block_types":{"buffer_policy":{"nesting_mode":"set","block":{"attributes":{"disabled":{"type":"bool","description_kind":"plain","optional":true},"max_request_bytes":{"type":"number","description_kind":"plain","optional":true},"max_request_time":{"type":"number","description_kind":"plain","optional":true}},"description_kind":"plain"}},"compression_params":{"nesting_mode":"set","block":{"attributes":{"content_length":{"type":"number","description_kind":"plain","optional":true},"content_type":{"type":["list","string"],"description_kind":"plain","optional":true},"disable_on_etag_header":{"type":"bool","description_kind":"plain","optional":true},"remove_accept_encoding_header":{"type":"bool","description_kind":"plain","optional":true}},"description_kind":"plain"}},"javascript_info":{"nesting_mode":"set","block":{"attributes":{"cache_prefix":{"type":"string","description_kind":"plain","optional":true},"custom_script_url":{"type":"string","description_kind":"plain","optional":true},"script_config":{"type":"string","description_kind":"plain","optional":true}},"description_kind":"plain"}},"jwt":{"nesting_mode":"list","block":{"attributes":{"name":{"type":"string","description_kind":"plain","optional":true},"namespace":{"type":"string","description_kind":"plain","optional":true},"tenant":{"type":"string","description_kind":"plain","optional":true}},"description_kind":"plain"}},"request_headers_to_add":{"nesting_mode":"list","block":{"attributes":{"append":{"type":"bool","description_kind":"plain","optional":true},"name":{"type":"string","description_kind":"plain","optional":true},"value":{"type":"string","description_kind":"plain","optional":true}},"description_kind":"plain"}},"response_headers_to_add":{"nesting_mode":"list","block":{"attributes":{"append":{"type":"bool","description_kind":"plain","optional":true},"name":{"type":"string","description_kind":"plain","optional":true},"value":{"type":"string","description_kind":"plain","optional":true}},"description_kind":"plain"}}},"description_kind":"plain"}},"policy_based_challenge":{"nesting_mode":"set","block":{"attributes":{"always_enable_captcha_challenge":{"type":"bool","description_kind":"plain","optional":true},"always_enable_js_challenge":{"type":"bool","description_kind":"plain","optional":true},"default_captcha_challenge_parameters":{"type":"bool","description_kind":"plain","optional":true},"default_js_challenge_parameters":{"type":"bool","description_kind":"plain","optional":true},"default_mitigation_settings":{"type":"bool","description_kind":"plain","optional":true},"default_temporary_blocking_parameters":{"type":"bool","description_kind":"plain","optional":true},"no_challenge":{"type":"bool","description_kind":"plain","optional":true}},"block_types":{"captcha_challenge_parameters":{"nesting_mode":"set","block":{"attributes":{"cookie_expiry":{"type":"number","description_kind":"plain","optional":true},"custom_page":{"type":"string","description_kind":"plain","optional":true}},"description_kind":"plain"}},"js_challenge_parameters":{"nesting_mode":"set","block":{"attributes":{"cookie_expiry":{"type":"number","description_kind":"plain","optional":true},"custom_page":{"type":"string","description_kind":"plain","optional":true},"js_script_delay":{"type":"number","description_kind":"plain","optional":true}},"description_kind":"plain"}},"malicious_user_mitigation":{"nesting_mode":"set","block":{"attributes":{"name":{"type":"string","description_kind":"plain","optional":true},"namespace":{"type":"string","description_kind":"plain","optional":true},"tenant":{"type":"string","description_kind":"plain","optional":true}},"description_kind":"plain"}},"rule_list":{"nesting_mode":"set","block":{"block_types":{"rules":{"nesting_mode":"list","block":{"block_types":{"metadata":{"nesting_mode":"set","block":{"attributes":{"description":{"type":"string","description_kind":"plain","optional":true},"disable":{"type":"bool","description_kind":"plain","optional":true},"name":{"type":"string","description_kind":"plain","optional":true}},"description_kind":"plain"}},"spec":{"nesting_mode":"set","block":{"attributes":{"any_asn":{"type":"bool","description_kind":"plain","optional":true},"any_client":{"type":"bool","description_kind":"plain","optional":true},"any_ip":{"type":"bool","description_kind":"plain","optional":true},"client_name":{"type":"string","description_kind":"plain","optional":true},"disable_challenge":{"type":"bool","description_kind":"plain","optional":true},"enable_captcha_challenge":{"type":"bool","description_kind":"plain","optional":true},"enable_javascript_challenge":{"type":"bool","description_kind":"plain","optional":true},"expiration_timestamp":{"type":"string","description_kind":"plain","optional":true}},"block_types":{"arg_matchers":{"nesting_mode":"list","block":{"attributes":{"check_not_present":{"type":"bool","description_kind":"plain","optional":true},"check_present":{"type":"bool","description_kind":"plain","optional":true},"invert_matcher":{"type":"bool","description_kind":"plain","optional":true},"name":{"type":"string","description_kind":"plain","optional":true},"presence":{"type":"bool","description_kind":"plain","optional":true}},"block_types":{"item":{"nesting_mode":"set","block":{"attributes":{"exact_values":{"type":["list","string"],"description_kind":"plain","optional":true},"regex_values":{"type":["list","string"],"description_kind":"plain","optional":true},"transformers":{"type":["list","string"],"description_kind":"plain","optional":true}},"description_kind":"plain"}}},"description_kind":"plain"}},"asn_list":{"nesting_mode":"set","block":{"attributes":{"as_numbers":{"type":["list","number"],"description_kind":"plain","required":true}},"description_kind":"plain"}},"asn_matcher":{"nesting_mode":"set","block":{"block_types":{"asn_sets":{"nesting_mode":"list","block":{"attributes":{"kind":{"type":"string","description_kind":"plain","computed":true},"name":{"type":"string","description_kind":"plain","optional":true},"namespace":{"type":"string","description_kind":"plain","optional":true},"tenant":{"type":"string","description_kind":"plain","optional":true}},"description_kind":"plain"}}},"description_kind":"plain"}},"body_matcher":{"nesting_mode":"set","block":{"attributes":{"exact_values":{"type":["list","string"],"description_kind":"plain","optional":true},"regex_values":{"type":["list","string"],"description_kind":"plain","optional":true},"transformers":{"type":["list","string"],"description_kind":"plain","optional":true}},"description_kind":"plain"}},"client_name_matcher":{"nesting_mode":"set","block":{"attributes":{"exact_values":{"type":["list","string"],"description_kind":"plain","optional":true},"regex_values":{"type":["list","string"],"description_kind":"plain","optional":true},"transformers":{"type":["list","string"],"description_kind":"plain","optional":true}},"description_kind":"plain"}},"client_selector":{"nesting_mode":"set","block":{"attributes":{"expressions":{"type":["list","string"],"description_kind":"plain","required":true}},"description_kind":"plain"}},"cookie_matchers":{"nesting_mode":"list","block":{"attributes":{"check_not_present":{"type":"bool","description_kind":"plain","optional":true},"check_present":{"type":"bool","description_kind":"plain","optional":true},"invert_matcher":{"type":"bool","description_kind":"plain","optional":true},"name":{"type":"string","description_kind":"plain","optional":true},"presence":{"type":"bool","description_kind":"plain","optional":true}},"block_types":{"item":{"nesting_mode":"set","block":{"attributes":{"exact_values":{"type":["list","string"],"description_kind":"plain","optional":true},"regex_values":{"type":["list","string"],"description_kind":"plain","optional":true},"transformers":{"type":["list","string"],"description_kind":"plain","optional":true}},"description_kind":"plain"}}},"description_kind":"plain"}},"domain_matcher":{"nesting_mode":"set","block":{"attributes":{"exact_values":{"type":["list","string"],"description_kind":"plain","optional":true},"regex_values":{"type":["list","string"],"description_kind":"plain","optional":true}},"description_kind":"plain"}},"headers":{"nesting_mode":"list","block":{"attributes":{"check_not_present":{"type":"bool","description_kind":"plain","optional":true},"check_present":{"type":"bool","description_kind":"plain","optional":true},"invert_matcher":{"type":"bool","description_kind":"plain","optional":true},"name":{"type":"string","description_kind":"plain","optional":true},"presence":{"type":"bool","description_kind":"plain","optional":true}},"block_types":{"item":{"nesting_mode":"set","block":{"attributes":{"exact_values":{"type":["list","string"],"description_kind":"plain","optional":true},"regex_values":{"type":["list","string"],"description_kind":"plain","optional":true},"transformers":{"type":["list","string"],"description_kind":"plain","optional":true}},"description_kind":"plain"}}},"description_kind":"plain"}},"http_method":{"nesting_mode":"set","block":{"attributes":{"invert_matcher":{"type":"bool","description_kind":"plain","optional":true},"methods":{"type":["list","string"],"description_kind":"plain","optional":true}},"description_kind":"plain"}},"ip_matcher":{"nesting_mode":"set","block":{"attributes":{"invert_matcher":{"type":"bool","description_kind":"plain","optional":true}},"block_types":{"prefix_sets":{"nesting_mode":"list","block":{"attributes":{"kind":{"type":"string","description_kind":"plain","computed":true},"name":{"type":"string","description_kind":"plain","optional":true},"namespace":{"type":"string","description_kind":"plain","optional":true},"tenant":{"type":"string","description_kind":"plain","optional":true}},"description_kind":"plain"}}},"description_kind":"plain"}},"ip_prefix_list":{"nesting_mode":"set","block":{"attributes":{"invert_match":{"type":"bool","description_kind":"plain","optional":true},"ip_prefixes":{"type":["list","string"],"description_kind":"plain","required":true}},"description_kind":"plain"}},"path":{"nesting_mode":"set","block":{"attributes":{"exact_values":{"type":["list","string"],"description_kind":"plain","optional":true},"prefix_values":{"type":["list","string"],"description_kind":"plain","optional":true},"regex_values":{"type":["list","string"],"description_kind":"plain","optional":true},"transformers":{"type":["list","string"],"description_kind":"plain","optional":true}},"description_kind":"plain"}},"query_params":{"nesting_mode":"list","block":{"attributes":{"check_not_present":{"type":"bool","description_kind":"plain","optional":true},"check_present":{"type":"bool","description_kind":"plain","optional":true},"invert_matcher":{"type":"bool","description_kind":"plain","optional":true},"key":{"type":"string","description_kind":"plain","optional":true},"presence":{"type":"bool","description_kind":"plain","optional":true}},"block_types":{"item":{"nesting_mode":"set","block":{"attributes":{"exact_values":{"type":["list","string"],"description_kind":"plain","optional":true},"regex_values":{"type":["list","string"],"description_kind":"plain","optional":true},"transformers":{"type":["list","string"],"description_kind":"plain","optional":true}},"description_kind":"plain"}}},"description_kind":"plain"}},"tls_fingerprint_matcher":{"nesting_mode":"set","block":{"attributes":{"classes":{"type":["list","string"],"description_kind":"plain","optional":true},"exact_values":{"type":["list","string"],"description_kind":"plain","optional":true},"excluded_values":{"type":["list","string"],"description_kind":"plain","optional":true}},"description_kind":"plain"}}},"description_kind":"plain"}}},"description_kind":"plain"}}},"description_kind":"plain"}},"temporary_user_blocking":{"nesting_mode":"set","block":{"attributes":{"custom_page":{"type":"string","description_kind":"plain","optional":true}},"description_kind":"plain"}}},"description_kind":"plain"}},"rate_limit":{"nesting_mode":"set","block":{"attributes":{"no_ip_allowed_list":{"type":"bool","description_kind":"plain","optional":true},"no_policies":{"type":"bool","description_kind":"plain","optional":true}},"block_types":{"custom_ip_allowed_list":{"nesting_mode":"set","block":{"block_types":{"rate_limiter_allowed_prefixes":{"nesting_mode":"list","block":{"attributes":{"name":{"type":"string","description_kind":"plain","optional":true},"namespace":{"type":"string","description_kind":"plain","optional":true},"tenant":{"type":"string","description_kind":"plain","optional":true}},"description_kind":"plain"}}},"description_kind":"plain"}},"ip_allowed_list":{"nesting_mode":"set","block":{"attributes":{"prefixes":{"type":["list","string"],"description_kind":"plain","required":true}},"description_kind":"plain"}},"policies":{"nesting_mode":"set","block":{"block_types":{"policies":{"nesting_mode":"list","block":{"attributes":{"name":{"type":"string","description_kind":"plain","optional":true},"namespace":{"type":"string","description_kind":"plain","optional":true},"tenant":{"type":"string","description_kind":"plain","optional":true}},"description_kind":"plain"}}},"description_kind":"plain"}},"rate_limiter":{"nesting_mode":"set","block":{"attributes":{"burst_multiplier":{"type":"number","description_kind":"plain","optional":true},"total_number":{"type":"number","description_kind":"plain","optional":true},"unit":{"type":"string","description_kind":"plain","optional":true}},"description_kind":"plain"}}},"description_kind":"plain"}},"ring_hash":{"nesting_mode":"set","block":{"block_types":{"hash_policy":{"nesting_mode":"list","block":{"attributes":{"header_name":{"type":"string","description_kind":"plain","optional":true},"source_ip":{"type":"bool","description_kind":"plain","optional":true},"terminal":{"type":"bool","description_kind":"plain","optional":true}},"block_types":{"cookie":{"nesting_mode":"set","block":{"attributes":{"name":{"type":"string","description_kind":"plain","optional":true},"path":{"type":"string","description_kind":"plain","optional":true},"ttl":{"type":"number","description_kind":"plain","optional":true}},"description_kind":"plain"}}},"description_kind":"plain"}}},"description_kind":"plain"}},"routes":{"nesting_mode":"list","block":{"block_types":{"custom_route_object":{"nesting_mode":"set","block":{"block_types":{"route_ref":{"nesting_mode":"set","block":{"attributes":{"name":{"type":"string","description_kind":"plain","optional":true},"namespace":{"type":"string","description_kind":"plain","optional":true},"tenant":{"type":"string","description_kind":"plain","optional":true}},"description_kind":"plain"}}},"description_kind":"plain"}},"direct_response_route":{"nesting_mode":"set","block":{"attributes":{"http_method":{"type":"string","description_kind":"plain","optional":true}},"block_types":{"path":{"nesting_mode":"set","block":{"attributes":{"path":{"type":"string","description_kind":"plain","optional":true},"prefix":{"type":"string","description_kind":"plain","optional":true},"regex":{"type":"string","description_kind":"plain","optional":true}},"description_kind":"plain"}},"route_direct_response":{"nesting_mode":"set","block":{"attributes":{"response_body":{"type":"string","description_kind":"plain","optional":true},"response_code":{"type":"number","description_kind":"plain","optional":true}},"description_kind":"plain"}}},"description_kind":"plain"}},"redirect_route":{"nesting_mode":"set","block":{"attributes":{"http_method":{"type":"string","description_kind":"plain","optional":true}},"block_types":{"path":{"nesting_mode":"set","block":{"attributes":{"path":{"type":"string","description_kind":"plain","optional":true},"prefix":{"type":"string","description_kind":"plain","optional":true},"regex":{"type":"string","description_kind":"plain","optional":true}},"description_kind":"plain"}},"route_redirect":{"nesting_mode":"set","block":{"attributes":{"all_params":{"type":"bool","description_kind":"plain","optional":true},"host_redirect":{"type":"string","description_kind":"plain","optional":true},"path_redirect":{"type":"string","description_kind":"plain","optional":true},"proto_redirect":{"type":"string","description_kind":"plain","optional":true},"remove_all_params":{"type":"bool","description_kind":"plain","optional":true},"response_code":{"type":"number","description_kind":"plain","optional":true},"retain_all_params":{"type":"bool","description_kind":"plain","optional":true}},"block_types":{"strip_query_params":{"nesting_mode":"set","block":{"attributes":{"query_params":{"type":["list","string"],"description_kind":"plain","optional":true}},"description_kind":"plain"}}},"description_kind":"plain"}}},"description_kind":"plain"}},"simple_route":{"nesting_mode":"set","block":{"attributes":{"auto_host_rewrite":{"type":"bool","description_kind":"plain","optional":true},"disable_host_rewrite":{"type":"bool","description_kind":"plain","optional":true},"host_rewrite":{"type":"string","description_kind":"plain","optional":true},"http_method":{"type":"string","description_kind":"plain","optional":true}},"block_types":{"advanced_options":{"nesting_mode":"set","block":{"attributes":{"common_buffering":{"type":"bool","description_kind":"plain","optional":true},"common_hash_policy":{"type":"bool","description_kind":"plain","optional":true},"default_retry_policy":{"type":"bool","description_kind":"plain","optional":true},"disable_location_add":{"type":"bool","description_kind":"plain","optional":true},"disable_mirroring":{"type":"bool","description_kind":"plain","optional":true},"disable_prefix_rewrite":{"type":"bool","description_kind":"plain","optional":true},"disable_spdy":{"type":"bool","description_kind":"plain","optional":true},"disable_waf":{"type":"bool","description_kind":"plain","optional":true},"disable_web_socket_config":{"type":"bool","description_kind":"plain","optional":true},"do_not_retract_cluster":{"type":"bool","description_kind":"plain","optional":true},"enable_spdy":{"type":"bool","description_kind":"plain","optional":true},"endpoint_subsets":{"type":["map","string"],"description_kind":"plain","optional":true},"prefix_rewrite":{"type":"string","description_kind":"plain","optional":true},"priority":{"type":"string","description_kind":"plain","optional":true},"request_headers_to_remove":{"type":["list","string"],"description_kind":"plain","optional":true},"response_headers_to_remove":{"type":["list","string"],"description_kind":"plain","optional":true},"retract_cluster":{"type":"bool","description_kind":"plain","optional":true},"timeout":{"type":"number","description_kind":"plain","optional":true}},"block_types":{"app_firewall":{"nesting_mode":"set","block":{"attributes":{"name":{"type":"string","description_kind":"plain","optional":true},"namespace":{"type":"string","description_kind":"plain","optional":true},"tenant":{"type":"string","description_kind":"plain","optional":true}},"description_kind":"plain"}},"buffer_policy":{"nesting_mode":"set","block":{"attributes":{"disabled":{"type":"bool","description_kind":"plain","optional":true},"max_request_bytes":{"type":"number","description_kind":"plain","optional":true},"max_request_time":{"type":"number","description_kind":"plain","optional":true}},"description_kind":"plain"}},"cors_policy":{"nesting_mode":"set","block":{"attributes":{"allow_credentials":{"type":"bool","description_kind":"plain","optional":true},"allow_headers":{"type":"string","description_kind":"plain","optional":true},"allow_methods":{"type":"string","description_kind":"plain","optional":true},"allow_origin":{"type":["list","string"],"description_kind":"plain","optional":true},"allow_origin_regex":{"type":["list","string"],"description_kind":"plain","optional":true},"disabled":{"type":"bool","description_kind":"plain","optional":true},"expose_headers":{"type":"string","description_kind":"plain","optional":true},"max_age":{"type":"string","description_kind":"plain","optional":true},"maximum_age":{"type":"number","description_kind":"plain","optional":true}},"description_kind":"plain"}},"mirror_policy":{"nesting_mode":"set","block":{"block_types":{"origin_pool":{"nesting_mode":"set","block":{"attributes":{"name":{"type":"string","description_kind":"plain","optional":true},"namespace":{"type":"string","description_kind":"plain","optional":true},"tenant":{"type":"string","description_kind":"plain","optional":true}},"description_kind":"plain"}},"percent":{"nesting_mode":"set","block":{"attributes":{"denominator":{"type":"string","description_kind":"plain","optional":true},"numerator":{"type":"number","description_kind":"plain","optional":true}},"description_kind":"plain"}}},"description_kind":"plain"}},"request_headers_to_add":{"nesting_mode":"list","block":{"attributes":{"append":{"type":"bool","description_kind":"plain","optional":true},"name":{"type":"string","description_kind":"plain","optional":true},"value":{"type":"string","description_kind":"plain","optional":true}},"description_kind":"plain"}},"response_headers_to_add":{"nesting_mode":"list","block":{"attributes":{"append":{"type":"bool","description_kind":"plain","optional":true},"name":{"type":"string","description_kind":"plain","optional":true},"value":{"type":"string","description_kind":"plain","optional":true}},"description_kind":"plain"}},"retry_policy":{"nesting_mode":"set","block":{"attributes":{"num_retries":{"type":"number","description_kind":"plain","optional":true},"per_try_timeout":{"type":"number","description_kind":"plain","optional":true},"retriable_status_codes":{"type":["list","number"],"description_kind":"plain","optional":true},"retry_condition":{"type":["list","string"],"description_kind":"plain","optional":true},"retry_on":{"type":"string","description_kind":"plain","optional":true}},"block_types":{"back_off":{"nesting_mode":"set","block":{"attributes":{"base_interval":{"type":"number","description_kind":"plain","optional":true},"max_interval":{"type":"number","description_kind":"plain","optional":true}},"description_kind":"plain"}}},"description_kind":"plain"}},"specific_hash_policy":{"nesting_mode":"set","block":{"block_types":{"hash_policy":{"nesting_mode":"list","block":{"attributes":{"header_name":{"type":"string","description_kind":"plain","optional":true},"source_ip":{"type":"bool","description_kind":"plain","optional":true},"terminal":{"type":"bool","description_kind":"plain","optional":true}},"block_types":{"cookie":{"nesting_mode":"set","block":{"attributes":{"name":{"type":"string","description_kind":"plain","optional":true},"path":{"type":"string","description_kind":"plain","optional":true},"ttl":{"type":"number","description_kind":"plain","optional":true}},"description_kind":"plain"}}},"description_kind":"plain"}}},"description_kind":"plain"}},"waf":{"nesting_mode":"set","block":{"attributes":{"name":{"type":"string","description_kind":"plain","optional":true},"namespace":{"type":"string","description_kind":"plain","optional":true},"tenant":{"type":"string","description_kind":"plain","optional":true}},"description_kind":"plain"}},"waf_rule":{"nesting_mode":"set","block":{"attributes":{"name":{"type":"string","description_kind":"plain","optional":true},"namespace":{"type":"string","description_kind":"plain","optional":true},"tenant":{"type":"string","description_kind":"plain","optional":true}},"description_kind":"plain"}},"web_socket_config":{"nesting_mode":"set","block":{"attributes":{"idle_timeout":{"type":"number","description_kind":"plain","optional":true},"max_connect_attempts":{"type":"number","description_kind":"plain","optional":true},"use_websocket":{"type":"bool","description_kind":"plain","optional":true}},"description_kind":"plain"}}},"description_kind":"plain"}},"origin_pools":{"nesting_mode":"list","block":{"attributes":{"endpoint_subsets":{"type":["map","string"],"description_kind":"plain","optional":true},"weight":{"type":"number","description_kind":"plain","optional":true}},"block_types":{"cluster":{"nesting_mode":"set","block":{"attributes":{"kind":{"type":"string","description_kind":"plain","computed":true},"name":{"type":"string","description_kind":"plain","optional":true},"namespace":{"type":"string","description_kind":"plain","optional":true},"tenant":{"type":"string","description_kind":"plain","optional":true}},"description_kind":"plain"}},"pool":{"nesting_mode":"set","block":{"attributes":{"kind":{"type":"string","description_kind":"plain","computed":true},"name":{"type":"string","description_kind":"plain","optional":true},"namespace":{"type":"string","description_kind":"plain","optional":true},"tenant":{"type":"string","description_kind":"plain","optional":true}},"description_kind":"plain"}}},"description_kind":"plain"}},"path":{"nesting_mode":"set","block":{"attributes":{"path":{"type":"string","description_kind":"plain","optional":true},"prefix":{"type":"string","description_kind":"plain","optional":true},"regex":{"type":"string","description_kind":"plain","optional":true}},"description_kind":"plain"}}},"description_kind":"plain"}}},"description_kind":"plain"}},"trusted_clients":{"nesting_mode":"list","block":{"attributes":{"as_number":{"type":"number","description_kind":"plain","optional":true},"expiration_timestamp":{"type":"string","description_kind":"plain","optional":true},"ip_prefix":{"type":"string","description_kind":"plain","optional":true}},"block_types":{"metadata":{"nesting_mode":"set","block":{"attributes":{"description":{"type":"string","description_kind":"plain","optional":true},"disable":{"type":"bool","description_kind":"plain","optional":true},"name":{"type":"string","description_kind":"plain","optional":true}},"description_kind":"plain"}}},"description_kind":"plain"}},"user_identification":{"nesting_mode":"set","block":{"attributes":{"name":{"type":"string","description_kind":"plain","optional":true},"namespace":{"type":"string","description_kind":"plain","optional":true},"tenant":{"type":"string","description_kind":"plain","optional":true}},"description_kind":"plain"}},"waf":{"nesting_mode":"set","block":{"attributes":{"name":{"type":"string","description_kind":"plain","optional":true},"namespace":{"type":"string","description_kind":"plain","optional":true},"tenant":{"type":"string","description_kind":"plain","optional":true}},"description_kind":"plain"}},"waf_exclusion_rules":{"nesting_mode":"list","block":{"attributes":{"any_domain":{"type":"bool","description_kind":"plain","optional":true},"domain_regex":{"type":"string","description_kind":"plain","optional":true},"exclude_rule_ids":{"type":["list","string"],"description_kind":"plain","required":true},"expiration_timestamp":{"type":"string","description_kind":"plain","optional":true},"methods":{"type":["list","string"],"description_kind":"plain","optional":true},"path_regex":{"type":"string","description_kind":"plain","optional":true}},"block_types":{"metadata":{"nesting_mode":"set","block":{"attributes":{"description":{"type":"string","description_kind":"plain","optional":true},"disable":{"type":"bool","description_kind":"plain","optional":true},"name":{"type":"string","description_kind":"plain","optional":true}},"description_kind":"plain"}}},"description_kind":"plain"}},"waf_rule":{"nesting_mode":"set","block":{"attributes":{"name":{"type":"string","description_kind":"plain","optional":true},"namespace":{"type":"string","description_kind":"plain","optional":true},"tenant":{"type":"string","description_kind":"plain","optional":true}},"description_kind":"plain"}}},"description_kind":"plain"}},"volterra_ip_prefix_set":{"version":0,"block":{"attributes":{"annotations":{"type":["map","string"],"description_kind":"plain","optional":true},"description":{"type":"string","description_kind":"plain","optional":true},"disable":{"type":"bool","description_kind":"plain","optional":true},"id":{"type":"string","description_kind":"plain","optional":true,"computed":true},"labels":{"type":["map","string"],"description_kind":"plain","optional":true},"name":{"type":"string","description_kind":"plain","required":true},"namespace":{"type":"string","description_kind":"plain","required":true},"prefix":{"type":["list","string"],"description_kind":"plain","required":true}},"description_kind":"plain"}},"volterra_k8s_cluster":{"version":0,"block":{"attributes":{"annotations":{"type":["map","string"],"description_kind":"plain","optional":true},"description":{"type":"string","description_kind":"plain","optional":true},"disable":{"type":"bool","description_kind":"plain","optional":true},"global_access_enable":{"type":"bool","description_kind":"plain","optional":true},"id":{"type":"string","description_kind":"plain","optional":true,"computed":true},"labels":{"type":["map","string"],"description_kind":"plain","optional":true},"name":{"type":"string","description_kind":"plain","required":true},"namespace":{"type":"string","description_kind":"plain","required":true},"no_cluster_wide_apps":{"type":"bool","description_kind":"plain","optional":true},"no_global_access":{"type":"bool","description_kind":"plain","optional":true},"no_insecure_registries":{"type":"bool","description_kind":"plain","optional":true},"no_local_access":{"type":"bool","description_kind":"plain","optional":true},"use_default_cluster_role_bindings":{"type":"bool","description_kind":"plain","optional":true},"use_default_cluster_roles":{"type":"bool","description_kind":"plain","optional":true},"use_default_psp":{"type":"bool","description_kind":"plain","optional":true}},"block_types":{"cluster_wide_app_list":{"nesting_mode":"set","block":{"block_types":{"cluster_wide_apps":{"nesting_mode":"list","block":{"block_types":{"argo_cd":{"nesting_mode":"set","block":{"attributes":{"generated_yaml":{"type":"string","description_kind":"plain","optional":true}},"block_types":{"local_domain":{"nesting_mode":"set","block":{"attributes":{"default_port":{"type":"bool","description_kind":"plain","optional":true},"local_domain":{"type":"string","description_kind":"plain","optional":true},"port":{"type":"number","description_kind":"plain","optional":true}},"block_types":{"password":{"nesting_mode":"set","block":{"attributes":{"secret_encoding_type":{"type":"string","description_kind":"plain","optional":true}},"block_types":{"blindfold_secret_info":{"nesting_mode":"set","block":{"attributes":{"decryption_provider":{"type":"string","description_kind":"plain","optional":true},"location":{"type":"string","description_kind":"plain","optional":true},"store_provider":{"type":"string","description_kind":"plain","optional":true}},"description_kind":"plain"}},"blindfold_secret_info_internal":{"nesting_mode":"set","block":{"attributes":{"decryption_provider":{"type":"string","description_kind":"plain","optional":true},"location":{"type":"string","description_kind":"plain","optional":true},"store_provider":{"type":"string","description_kind":"plain","optional":true}},"description_kind":"plain"}},"clear_secret_info":{"nesting_mode":"set","block":{"attributes":{"provider":{"type":"string","description_kind":"plain","optional":true},"url":{"type":"string","description_kind":"plain","optional":true}},"description_kind":"plain"}},"vault_secret_info":{"nesting_mode":"set","block":{"attributes":{"key":{"type":"string","description_kind":"plain","optional":true},"location":{"type":"string","description_kind":"plain","optional":true},"provider":{"type":"string","description_kind":"plain","optional":true},"secret_encoding":{"type":"string","description_kind":"plain","optional":true},"version":{"type":"number","description_kind":"plain","optional":true}},"description_kind":"plain"}},"wingman_secret_info":{"nesting_mode":"set","block":{"attributes":{"name":{"type":"string","description_kind":"plain","optional":true}},"description_kind":"plain"}}},"description_kind":"plain"}}},"description_kind":"plain"}}},"description_kind":"plain"}},"dashboard":{"nesting_mode":"set","block":{"attributes":{"generated_yaml":{"type":"string","description_kind":"plain","optional":true}},"description_kind":"plain"}},"metrics_server":{"nesting_mode":"set","block":{"attributes":{"generated_yaml":{"type":"string","description_kind":"plain","optional":true}},"description_kind":"plain"}}},"description_kind":"plain"}}},"description_kind":"plain"}},"insecure_registry_list":{"nesting_mode":"set","block":{"attributes":{"insecure_registries":{"type":["list","string"],"description_kind":"plain","required":true}},"description_kind":"plain"}},"local_access_config":{"nesting_mode":"set","block":{"attributes":{"default_port":{"type":"bool","description_kind":"plain","optional":true},"local_domain":{"type":"string","description_kind":"plain","optional":true},"port":{"type":"number","description_kind":"plain","optional":true}},"description_kind":"plain"}},"use_custom_cluster_role_bindings":{"nesting_mode":"set","block":{"block_types":{"cluster_role_bindings":{"nesting_mode":"list","block":{"attributes":{"name":{"type":"string","description_kind":"plain","optional":true},"namespace":{"type":"string","description_kind":"plain","optional":true},"tenant":{"type":"string","description_kind":"plain","optional":true}},"description_kind":"plain"}}},"description_kind":"plain"}},"use_custom_cluster_role_list":{"nesting_mode":"set","block":{"block_types":{"cluster_roles":{"nesting_mode":"list","block":{"attributes":{"name":{"type":"string","description_kind":"plain","optional":true},"namespace":{"type":"string","description_kind":"plain","optional":true},"tenant":{"type":"string","description_kind":"plain","optional":true}},"description_kind":"plain"}}},"description_kind":"plain"}},"use_custom_psp_list":{"nesting_mode":"set","block":{"block_types":{"pod_security_policies":{"nesting_mode":"list","block":{"attributes":{"name":{"type":"string","description_kind":"plain","optional":true},"namespace":{"type":"string","description_kind":"plain","optional":true},"tenant":{"type":"string","description_kind":"plain","optional":true}},"description_kind":"plain"}}},"description_kind":"plain"}}},"description_kind":"plain"}},"volterra_k8s_cluster_role":{"version":0,"block":{"attributes":{"annotations":{"type":["map","string"],"description_kind":"plain","optional":true},"description":{"type":"string","description_kind":"plain","optional":true},"disable":{"type":"bool","description_kind":"plain","optional":true},"id":{"type":"string","description_kind":"plain","optional":true,"computed":true},"labels":{"type":["map","string"],"description_kind":"plain","optional":true},"name":{"type":"string","description_kind":"plain","required":true},"namespace":{"type":"string","description_kind":"plain","required":true},"yaml":{"type":"string","description_kind":"plain","optional":true}},"block_types":{"k8s_cluster_role_selector":{"nesting_mode":"set","block":{"attributes":{"expressions":{"type":["list","string"],"description_kind":"plain","required":true}},"description_kind":"plain"}},"policy_rule_list":{"nesting_mode":"set","block":{"block_types":{"policy_rule":{"nesting_mode":"list","block":{"block_types":{"non_resource_url_list":{"nesting_mode":"set","block":{"attributes":{"urls":{"type":["list","string"],"description_kind":"plain","required":true},"verbs":{"type":["list","string"],"description_kind":"plain","required":true}},"description_kind":"plain"}},"resource_list":{"nesting_mode":"set","block":{"attributes":{"api_groups":{"type":["list","string"],"description_kind":"plain","required":true},"resource_instances":{"type":["list","string"],"description_kind":"plain","optional":true},"resource_types":{"type":["list","string"],"description_kind":"plain","required":true},"verbs":{"type":["list","string"],"description_kind":"plain","required":true}},"description_kind":"plain"}}},"description_kind":"plain"}}},"description_kind":"plain"}}},"description_kind":"plain"}},"volterra_k8s_cluster_role_binding":{"version":0,"block":{"attributes":{"annotations":{"type":["map","string"],"description_kind":"plain","optional":true},"description":{"type":"string","description_kind":"plain","optional":true},"disable":{"type":"bool","description_kind":"plain","optional":true},"id":{"type":"string","description_kind":"plain","optional":true,"computed":true},"labels":{"type":["map","string"],"description_kind":"plain","optional":true},"name":{"type":"string","description_kind":"plain","required":true},"namespace":{"type":"string","description_kind":"plain","required":true}},"block_types":{"k8s_cluster_role":{"nesting_mode":"set","block":{"attributes":{"name":{"type":"string","description_kind":"plain","optional":true},"namespace":{"type":"string","description_kind":"plain","optional":true},"tenant":{"type":"string","description_kind":"plain","optional":true}},"description_kind":"plain"}},"subjects":{"nesting_mode":"list","block":{"attributes":{"group":{"type":"string","description_kind":"plain","optional":true},"user":{"type":"string","description_kind":"plain","optional":true}},"block_types":{"service_account":{"nesting_mode":"set","block":{"attributes":{"name":{"type":"string","description_kind":"plain","optional":true},"namespace":{"type":"string","description_kind":"plain","optional":true}},"description_kind":"plain"}}},"description_kind":"plain"}}},"description_kind":"plain"}},"volterra_k8s_pod_security_policy":{"version":0,"block":{"attributes":{"annotations":{"type":["map","string"],"description_kind":"plain","optional":true},"description":{"type":"string","description_kind":"plain","optional":true},"disable":{"type":"bool","description_kind":"plain","optional":true},"id":{"type":"string","description_kind":"plain","optional":true,"computed":true},"labels":{"type":["map","string"],"description_kind":"plain","optional":true},"name":{"type":"string","description_kind":"plain","required":true},"namespace":{"type":"string","description_kind":"plain","required":true},"yaml":{"type":"string","description_kind":"plain","optional":true}},"block_types":{"psp_spec":{"nesting_mode":"set","block":{"attributes":{"allow_privilege_escalation":{"type":"bool","description_kind":"plain","optional":true},"allowed_csi_drivers":{"type":["list","string"],"description_kind":"plain","optional":true},"allowed_flex_volumes":{"type":["list","string"],"description_kind":"plain","optional":true},"allowed_proc_mounts":{"type":["list","string"],"description_kind":"plain","optional":true},"allowed_unsafe_sysctls":{"type":["list","string"],"description_kind":"plain","optional":true},"default_allow_privilege_escalation":{"type":"bool","description_kind":"plain","optional":true},"forbidden_sysctls":{"type":["list","string"],"description_kind":"plain","optional":true},"host_ipc":{"type":"bool","description_kind":"plain","optional":true},"host_network":{"type":"bool","description_kind":"plain","optional":true},"host_pid":{"type":"bool","description_kind":"plain","optional":true},"host_port_ranges":{"type":"string","description_kind":"plain","optional":true},"no_allowed_capabilities":{"type":"bool","description_kind":"plain","optional":true},"no_default_capabilities":{"type":"bool","description_kind":"plain","optional":true},"no_drop_capabilities":{"type":"bool","description_kind":"plain","optional":true},"no_fs_groups":{"type":"bool","description_kind":"plain","optional":true},"no_run_as_group":{"type":"bool","description_kind":"plain","optional":true},"no_run_as_user":{"type":"bool","description_kind":"plain","optional":true},"no_runtime_class":{"type":"bool","description_kind":"plain","optional":true},"no_se_linux_options":{"type":"bool","description_kind":"plain","optional":true},"no_supplemental_groups":{"type":"bool","description_kind":"plain","optional":true},"privileged":{"type":"bool","description_kind":"plain","optional":true},"read_only_root_filesystem":{"type":"bool","description_kind":"plain","optional":true},"volumes":{"type":["list","string"],"description_kind":"plain","optional":true}},"block_types":{"allowed_capabilities":{"nesting_mode":"set","block":{"attributes":{"capabilities":{"type":["list","string"],"description_kind":"plain","required":true}},"description_kind":"plain"}},"allowed_host_paths":{"nesting_mode":"list","block":{"attributes":{"path_prefix":{"type":"string","description_kind":"plain","optional":true},"read_only":{"type":"bool","description_kind":"plain","optional":true}},"description_kind":"plain"}},"default_capabilities":{"nesting_mode":"set","block":{"attributes":{"capabilities":{"type":["list","string"],"description_kind":"plain","required":true}},"description_kind":"plain"}},"drop_capabilities":{"nesting_mode":"set","block":{"attributes":{"capabilities":{"type":["list","string"],"description_kind":"plain","required":true}},"description_kind":"plain"}},"fs_group_strategy_options":{"nesting_mode":"set","block":{"attributes":{"rule":{"type":"string","description_kind":"plain","optional":true}},"block_types":{"id_ranges":{"nesting_mode":"list","block":{"attributes":{"max_id":{"type":"number","description_kind":"plain","optional":true},"min_id":{"type":"number","description_kind":"plain","optional":true}},"description_kind":"plain"}}},"description_kind":"plain"}},"run_as_group":{"nesting_mode":"set","block":{"attributes":{"rule":{"type":"string","description_kind":"plain","optional":true}},"block_types":{"id_ranges":{"nesting_mode":"list","block":{"attributes":{"max_id":{"type":"number","description_kind":"plain","optional":true},"min_id":{"type":"number","description_kind":"plain","optional":true}},"description_kind":"plain"}}},"description_kind":"plain"}},"run_as_user":{"nesting_mode":"set","block":{"attributes":{"rule":{"type":"string","description_kind":"plain","optional":true}},"block_types":{"id_ranges":{"nesting_mode":"list","block":{"attributes":{"max_id":{"type":"number","description_kind":"plain","optional":true},"min_id":{"type":"number","description_kind":"plain","optional":true}},"description_kind":"plain"}}},"description_kind":"plain"}},"runtime_class":{"nesting_mode":"set","block":{"attributes":{"allowed_runtime_class_names":{"type":["list","string"],"description_kind":"plain","required":true},"default_runtime_class_name":{"type":"string","description_kind":"plain","optional":true}},"description_kind":"plain"}},"se_linux_options":{"nesting_mode":"set","block":{"attributes":{"level":{"type":"string","description_kind":"plain","optional":true},"role":{"type":"string","description_kind":"plain","optional":true},"rule":{"type":"string","description_kind":"plain","optional":true},"type":{"type":"string","description_kind":"plain","optional":true},"user":{"type":"string","description_kind":"plain","optional":true}},"description_kind":"plain"}},"supplemental_groups":{"nesting_mode":"set","block":{"attributes":{"rule":{"type":"string","description_kind":"plain","optional":true}},"block_types":{"id_ranges":{"nesting_mode":"list","block":{"attributes":{"max_id":{"type":"number","description_kind":"plain","optional":true},"min_id":{"type":"number","description_kind":"plain","optional":true}},"description_kind":"plain"}}},"description_kind":"plain"}}},"description_kind":"plain"}}},"description_kind":"plain"}},"volterra_malicious_user_mitigation":{"version":0,"block":{"attributes":{"annotations":{"type":["map","string"],"description_kind":"plain","optional":true},"description":{"type":"string","description_kind":"plain","optional":true},"disable":{"type":"bool","description_kind":"plain","optional":true},"id":{"type":"string","description_kind":"plain","optional":true,"computed":true},"labels":{"type":["map","string"],"description_kind":"plain","optional":true},"name":{"type":"string","description_kind":"plain","required":true},"namespace":{"type":"string","description_kind":"plain","required":true}},"block_types":{"mitigation_type":{"nesting_mode":"set","block":{"block_types":{"rules":{"nesting_mode":"list","block":{"block_types":{"mitigation_action":{"nesting_mode":"set","block":{"attributes":{"alert_only":{"type":"bool","description_kind":"plain","optional":true},"block_temporarily":{"type":"bool","description_kind":"plain","optional":true},"captcha_challenge":{"type":"bool","description_kind":"plain","optional":true},"javascript_challenge":{"type":"bool","description_kind":"plain","optional":true},"none":{"type":"bool","description_kind":"plain","optional":true}},"description_kind":"plain"}},"threat_level":{"nesting_mode":"set","block":{"attributes":{"high":{"type":"bool","description_kind":"plain","optional":true},"low":{"type":"bool","description_kind":"plain","optional":true},"medium":{"type":"bool","description_kind":"plain","optional":true}},"description_kind":"plain"}}},"description_kind":"plain"}}},"description_kind":"plain"}}},"description_kind":"plain"}},"volterra_modify_site":{"version":0,"block":{"attributes":{"address":{"type":"string","description_kind":"plain","optional":true},"annotations":{"type":["map","string"],"description_kind":"plain","optional":true},"bgp_peer_address":{"type":"string","description_kind":"plain","optional":true},"bgp_router_id":{"type":"string","description_kind":"plain","optional":true},"description":{"type":"string","description_kind":"plain","optional":true},"desired_pool_count":{"type":"number","description_kind":"plain","optional":true},"disable":{"type":"bool","description_kind":"plain","optional":true},"id":{"type":"string","description_kind":"plain","optional":true,"computed":true},"inside_nameserver":{"type":"string","description_kind":"plain","optional":true},"inside_vip":{"type":"string","description_kind":"plain","optional":true},"labels":{"type":["map","string"],"description_kind":"plain","optional":true},"name":{"type":"string","description_kind":"plain","required":true},"namespace":{"type":"string","description_kind":"plain","required":true},"operating_system_version":{"type":"string","description_kind":"plain","optional":true},"outside_nameserver":{"type":"string","description_kind":"plain","optional":true},"outside_vip":{"type":"string","description_kind":"plain","optional":true},"retry":{"type":"number","description_kind":"plain","optional":true},"site_to_site_network_type":{"type":"string","description_kind":"plain","optional":true},"site_to_site_tunnel_ip":{"type":"string","description_kind":"plain","optional":true},"tunnel_dead_timeout":{"type":"number","description_kind":"plain","optional":true},"tunnel_type":{"type":"string","description_kind":"plain","optional":true},"vip_vrrp_mode":{"type":"string","description_kind":"plain","optional":true},"volterra_software_overide":{"type":"string","description_kind":"plain","optional":true},"volterra_software_version":{"type":"string","description_kind":"plain","optional":true},"wait_time":{"type":"number","description_kind":"plain","optional":true}},"block_types":{"coordinates":{"nesting_mode":"set","block":{"attributes":{"latitude":{"type":"number","description_kind":"plain","optional":true},"longitude":{"type":"number","description_kind":"plain","optional":true}},"description_kind":"plain"}}},"description_kind":"plain"}},"volterra_namespace":{"version":0,"block":{"attributes":{"annotations":{"type":["map","string"],"description_kind":"plain","optional":true},"description":{"type":"string","description_kind":"plain","optional":true},"disable":{"type":"bool","description_kind":"plain","optional":true},"id":{"type":"string","description_kind":"plain","optional":true,"computed":true},"labels":{"type":["map","string"],"description_kind":"plain","optional":true},"name":{"type":"string","description_kind":"plain","required":true},"tenant_name":{"type":"string","description_kind":"plain","computed":true},"uid":{"type":"string","description_kind":"plain","computed":true}},"description_kind":"plain"}},"volterra_network_connector":{"version":0,"block":{"attributes":{"annotations":{"type":["map","string"],"description_kind":"plain","optional":true},"description":{"type":"string","description_kind":"plain","optional":true},"disable":{"type":"bool","description_kind":"plain","optional":true},"disable_forward_proxy":{"type":"bool","description_kind":"plain","optional":true},"id":{"type":"string","description_kind":"plain","optional":true,"computed":true},"labels":{"type":["map","string"],"description_kind":"plain","optional":true},"name":{"type":"string","description_kind":"plain","required":true},"namespace":{"type":"string","description_kind":"plain","required":true},"sli_to_slo_dr":{"type":"bool","description_kind":"plain","optional":true}},"block_types":{"enable_forward_proxy":{"nesting_mode":"set","block":{"attributes":{"connection_timeout":{"type":"number","description_kind":"plain","optional":true},"max_connect_attempts":{"type":"number","description_kind":"plain","optional":true},"no_interception":{"type":"bool","description_kind":"plain","optional":true},"white_listed_ports":{"type":["list","number"],"description_kind":"plain","optional":true},"white_listed_prefixes":{"type":["list","string"],"description_kind":"plain","optional":true}},"block_types":{"tls_intercept":{"nesting_mode":"set","block":{"attributes":{"enable_for_all_domains":{"type":"bool","description_kind":"plain","optional":true},"trusted_ca_url":{"type":"string","description_kind":"plain","optional":true},"volterra_certificate":{"type":"bool","description_kind":"plain","optional":true},"volterra_trusted_ca":{"type":"bool","description_kind":"plain","optional":true}},"block_types":{"custom_certificate":{"nesting_mode":"set","block":{"attributes":{"certificate_url":{"type":"string","description_kind":"plain","optional":true},"description":{"type":"string","description_kind":"plain","optional":true}},"block_types":{"private_key":{"nesting_mode":"set","block":{"attributes":{"secret_encoding_type":{"type":"string","description_kind":"plain","optional":true}},"block_types":{"blindfold_secret_info":{"nesting_mode":"set","block":{"attributes":{"decryption_provider":{"type":"string","description_kind":"plain","optional":true},"location":{"type":"string","description_kind":"plain","optional":true},"store_provider":{"type":"string","description_kind":"plain","optional":true}},"description_kind":"plain"}},"blindfold_secret_info_internal":{"nesting_mode":"set","block":{"attributes":{"decryption_provider":{"type":"string","description_kind":"plain","optional":true},"location":{"type":"string","description_kind":"plain","optional":true},"store_provider":{"type":"string","description_kind":"plain","optional":true}},"description_kind":"plain"}},"clear_secret_info":{"nesting_mode":"set","block":{"attributes":{"provider":{"type":"string","description_kind":"plain","optional":true},"url":{"type":"string","description_kind":"plain","optional":true}},"description_kind":"plain"}},"vault_secret_info":{"nesting_mode":"set","block":{"attributes":{"key":{"type":"string","description_kind":"plain","optional":true},"location":{"type":"string","description_kind":"plain","optional":true},"provider":{"type":"string","description_kind":"plain","optional":true},"secret_encoding":{"type":"string","description_kind":"plain","optional":true},"version":{"type":"number","description_kind":"plain","optional":true}},"description_kind":"plain"}},"wingman_secret_info":{"nesting_mode":"set","block":{"attributes":{"name":{"type":"string","description_kind":"plain","optional":true}},"description_kind":"plain"}}},"description_kind":"plain"}}},"description_kind":"plain"}},"policy":{"nesting_mode":"set","block":{"block_types":{"interception_rules":{"nesting_mode":"list","block":{"attributes":{"disable_interception":{"type":"bool","description_kind":"plain","optional":true},"enable_interception":{"type":"bool","description_kind":"plain","optional":true}},"block_types":{"domain_match":{"nesting_mode":"set","block":{"attributes":{"exact_value":{"type":"string","description_kind":"plain","optional":true},"regex_value":{"type":"string","description_kind":"plain","optional":true},"suffix_value":{"type":"string","description_kind":"plain","optional":true}},"description_kind":"plain"}}},"description_kind":"plain"}}},"description_kind":"plain"}}},"description_kind":"plain"}}},"description_kind":"plain"}},"sli_to_global_dr":{"nesting_mode":"set","block":{"block_types":{"global_vn":{"nesting_mode":"set","block":{"attributes":{"kind":{"type":"string","description_kind":"plain","computed":true},"name":{"type":"string","description_kind":"plain","optional":true},"namespace":{"type":"string","description_kind":"plain","optional":true},"tenant":{"type":"string","description_kind":"plain","optional":true}},"description_kind":"plain"}}},"description_kind":"plain"}},"sli_to_global_snat":{"nesting_mode":"set","block":{"block_types":{"global_vn":{"nesting_mode":"set","block":{"attributes":{"name":{"type":"string","description_kind":"plain","optional":true},"namespace":{"type":"string","description_kind":"plain","optional":true},"tenant":{"type":"string","description_kind":"plain","optional":true}},"description_kind":"plain"}},"snat_config":{"nesting_mode":"set","block":{"attributes":{"default_gw_snat":{"type":"bool","description_kind":"plain","optional":true},"dynamic_routing":{"type":"bool","description_kind":"plain","optional":true},"interface_ip":{"type":"bool","description_kind":"plain","optional":true},"snat_pool":{"type":"string","description_kind":"plain","optional":true}},"block_types":{"snat_pool_allocator":{"nesting_mode":"set","block":{"attributes":{"name":{"type":"string","description_kind":"plain","optional":true},"namespace":{"type":"string","description_kind":"plain","optional":true},"tenant":{"type":"string","description_kind":"plain","optional":true}},"description_kind":"plain"}}},"description_kind":"plain"}}},"description_kind":"plain"}},"sli_to_slo_snat":{"nesting_mode":"set","block":{"attributes":{"default_gw_snat":{"type":"bool","description_kind":"plain","optional":true},"dynamic_routing":{"type":"bool","description_kind":"plain","optional":true},"interface_ip":{"type":"bool","description_kind":"plain","optional":true},"snat_pool":{"type":"string","description_kind":"plain","optional":true}},"block_types":{"snat_pool_allocator":{"nesting_mode":"set","block":{"attributes":{"name":{"type":"string","description_kind":"plain","optional":true},"namespace":{"type":"string","description_kind":"plain","optional":true},"tenant":{"type":"string","description_kind":"plain","optional":true}},"description_kind":"plain"}}},"description_kind":"plain"}},"slo_to_global_dr":{"nesting_mode":"set","block":{"block_types":{"global_vn":{"nesting_mode":"set","block":{"attributes":{"kind":{"type":"string","description_kind":"plain","computed":true},"name":{"type":"string","description_kind":"plain","optional":true},"namespace":{"type":"string","description_kind":"plain","optional":true},"tenant":{"type":"string","description_kind":"plain","optional":true}},"description_kind":"plain"}}},"description_kind":"plain"}},"slo_to_global_snat":{"nesting_mode":"set","block":{"block_types":{"global_vn":{"nesting_mode":"set","block":{"attributes":{"name":{"type":"string","description_kind":"plain","optional":true},"namespace":{"type":"string","description_kind":"plain","optional":true},"tenant":{"type":"string","description_kind":"plain","optional":true}},"description_kind":"plain"}},"snat_config":{"nesting_mode":"set","block":{"attributes":{"default_gw_snat":{"type":"bool","description_kind":"plain","optional":true},"dynamic_routing":{"type":"bool","description_kind":"plain","optional":true},"interface_ip":{"type":"bool","description_kind":"plain","optional":true},"snat_pool":{"type":"string","description_kind":"plain","optional":true}},"block_types":{"snat_pool_allocator":{"nesting_mode":"set","block":{"attributes":{"name":{"type":"string","description_kind":"plain","optional":true},"namespace":{"type":"string","description_kind":"plain","optional":true},"tenant":{"type":"string","description_kind":"plain","optional":true}},"description_kind":"plain"}}},"description_kind":"plain"}}},"description_kind":"plain"}}},"description_kind":"plain"}},"volterra_network_firewall":{"version":0,"block":{"attributes":{"annotations":{"type":["map","string"],"description_kind":"plain","optional":true},"description":{"type":"string","description_kind":"plain","optional":true},"disable":{"type":"bool","description_kind":"plain","optional":true},"disable_fast_acl":{"type":"bool","description_kind":"plain","optional":true},"disable_forward_proxy_policy":{"type":"bool","description_kind":"plain","optional":true},"disable_network_policy":{"type":"bool","description_kind":"plain","optional":true},"id":{"type":"string","description_kind":"plain","optional":true,"computed":true},"labels":{"type":["map","string"],"description_kind":"plain","optional":true},"name":{"type":"string","description_kind":"plain","required":true},"namespace":{"type":"string","description_kind":"plain","required":true}},"block_types":{"active_fast_acls":{"nesting_mode":"set","block":{"block_types":{"fast_acls":{"nesting_mode":"list","block":{"attributes":{"name":{"type":"string","description_kind":"plain","optional":true},"namespace":{"type":"string","description_kind":"plain","optional":true},"tenant":{"type":"string","description_kind":"plain","optional":true}},"description_kind":"plain"}}},"description_kind":"plain"}},"active_forward_proxy_policies":{"nesting_mode":"set","block":{"block_types":{"forward_proxy_policies":{"nesting_mode":"list","block":{"attributes":{"name":{"type":"string","description_kind":"plain","optional":true},"namespace":{"type":"string","description_kind":"plain","optional":true},"tenant":{"type":"string","description_kind":"plain","optional":true}},"description_kind":"plain"}}},"description_kind":"plain"}},"active_network_policies":{"nesting_mode":"set","block":{"block_types":{"network_policies":{"nesting_mode":"list","block":{"attributes":{"name":{"type":"string","description_kind":"plain","optional":true},"namespace":{"type":"string","description_kind":"plain","optional":true},"tenant":{"type":"string","description_kind":"plain","optional":true}},"description_kind":"plain"}}},"description_kind":"plain"}},"fast_acl_set":{"nesting_mode":"set","block":{"attributes":{"name":{"type":"string","description_kind":"plain","optional":true},"namespace":{"type":"string","description_kind":"plain","optional":true},"tenant":{"type":"string","description_kind":"plain","optional":true}},"description_kind":"plain"}},"forward_proxy_policy_set":{"nesting_mode":"set","block":{"attributes":{"name":{"type":"string","description_kind":"plain","optional":true},"namespace":{"type":"string","description_kind":"plain","optional":true},"tenant":{"type":"string","description_kind":"plain","optional":true}},"description_kind":"plain"}},"network_policy_set":{"nesting_mode":"set","block":{"attributes":{"name":{"type":"string","description_kind":"plain","optional":true},"namespace":{"type":"string","description_kind":"plain","optional":true},"tenant":{"type":"string","description_kind":"plain","optional":true}},"description_kind":"plain"}}},"description_kind":"plain"}},"volterra_network_interface":{"version":0,"block":{"attributes":{"annotations":{"type":["map","string"],"description_kind":"plain","optional":true},"description":{"type":"string","description_kind":"plain","optional":true},"disable":{"type":"bool","description_kind":"plain","optional":true},"id":{"type":"string","description_kind":"plain","optional":true,"computed":true},"labels":{"type":["map","string"],"description_kind":"plain","optional":true},"name":{"type":"string","description_kind":"plain","required":true},"namespace":{"type":"string","description_kind":"plain","required":true}},"block_types":{"dedicated_interface":{"nesting_mode":"set","block":{"attributes":{"cluster":{"type":"bool","description_kind":"plain","optional":true},"device":{"type":"string","description_kind":"plain","optional":true},"is_primary":{"type":"bool","description_kind":"plain","optional":true},"monitor_disabled":{"type":"bool","description_kind":"plain","optional":true},"mtu":{"type":"number","description_kind":"plain","optional":true},"node":{"type":"string","description_kind":"plain","optional":true},"not_primary":{"type":"bool","description_kind":"plain","optional":true},"priority":{"type":"number","description_kind":"plain","optional":true}},"block_types":{"monitor":{"nesting_mode":"set","block":{"description_kind":"plain"}}},"description_kind":"plain"}},"dedicated_management_interface":{"nesting_mode":"set","block":{"attributes":{"cluster":{"type":"bool","description_kind":"plain","optional":true},"device":{"type":"string","description_kind":"plain","optional":true},"mtu":{"type":"number","description_kind":"plain","optional":true},"node":{"type":"string","description_kind":"plain","optional":true}},"description_kind":"plain"}},"ethernet_interface":{"nesting_mode":"set","block":{"attributes":{"cluster":{"type":"bool","description_kind":"plain","optional":true},"device":{"type":"string","description_kind":"plain","optional":true},"dhcp_client":{"type":"bool","description_kind":"plain","optional":true},"is_primary":{"type":"bool","description_kind":"plain","optional":true},"monitor_disabled":{"type":"bool","description_kind":"plain","optional":true},"mtu":{"type":"number","description_kind":"plain","optional":true},"node":{"type":"string","description_kind":"plain","optional":true},"not_primary":{"type":"bool","description_kind":"plain","optional":true},"priority":{"type":"number","description_kind":"plain","optional":true},"site_local_inside_network":{"type":"bool","description_kind":"plain","optional":true},"site_local_network":{"type":"bool","description_kind":"plain","optional":true},"storage_network":{"type":"bool","description_kind":"plain","optional":true},"untagged":{"type":"bool","description_kind":"plain","optional":true},"vlan_id":{"type":"number","description_kind":"plain","optional":true}},"block_types":{"dhcp_server":{"nesting_mode":"set","block":{"attributes":{"automatic_from_end":{"type":"bool","description_kind":"plain","optional":true},"automatic_from_start":{"type":"bool","description_kind":"plain","optional":true},"dhcp_option82_tag":{"type":"string","description_kind":"plain","optional":true},"fixed_ip_map":{"type":["map","string"],"description_kind":"plain","optional":true}},"block_types":{"dhcp_networks":{"nesting_mode":"list","block":{"attributes":{"dgw_address":{"type":"string","description_kind":"plain","optional":true},"dns_address":{"type":"string","description_kind":"plain","optional":true},"first_address":{"type":"bool","description_kind":"plain","optional":true},"last_address":{"type":"bool","description_kind":"plain","optional":true},"network_prefix":{"type":"string","description_kind":"plain","optional":true},"pool_settings":{"type":"string","description_kind":"plain","optional":true},"same_as_dgw":{"type":"bool","description_kind":"plain","optional":true}},"block_types":{"network_prefix_allocator":{"nesting_mode":"set","block":{"attributes":{"name":{"type":"string","description_kind":"plain","optional":true},"namespace":{"type":"string","description_kind":"plain","optional":true},"tenant":{"type":"string","description_kind":"plain","optional":true}},"description_kind":"plain"}},"pools":{"nesting_mode":"list","block":{"attributes":{"end_ip":{"type":"string","description_kind":"plain","optional":true},"exclude":{"type":"bool","description_kind":"plain","optional":true},"start_ip":{"type":"string","description_kind":"plain","optional":true}},"description_kind":"plain"}}},"description_kind":"plain"}},"interface_ip_map":{"nesting_mode":"set","block":{"attributes":{"interface_ip_map":{"type":["map","string"],"description_kind":"plain","optional":true}},"description_kind":"plain"}}},"description_kind":"plain"}},"inside_network":{"nesting_mode":"set","block":{"attributes":{"name":{"type":"string","description_kind":"plain","optional":true},"namespace":{"type":"string","description_kind":"plain","optional":true},"tenant":{"type":"string","description_kind":"plain","optional":true}},"description_kind":"plain"}},"monitor":{"nesting_mode":"set","block":{"description_kind":"plain"}},"static_ip":{"nesting_mode":"set","block":{"block_types":{"cluster_static_ip":{"nesting_mode":"set","block":{"block_types":{"interface_ip_map":{"nesting_mode":"set","block":{"attributes":{"name":{"type":"string","description_kind":"plain","required":true}},"block_types":{"value":{"nesting_mode":"set","block":{"attributes":{"default_gw":{"type":"string","description_kind":"plain","optional":true},"dns_server":{"type":"string","description_kind":"plain","optional":true},"ip_address":{"type":"string","description_kind":"plain","optional":true}},"description_kind":"plain"},"min_items":1}},"description_kind":"plain"}}},"description_kind":"plain"}},"fleet_static_ip":{"nesting_mode":"set","block":{"attributes":{"default_gw":{"type":"string","description_kind":"plain","optional":true},"dns_server":{"type":"string","description_kind":"plain","optional":true}},"block_types":{"network_prefix_allocator":{"nesting_mode":"set","block":{"attributes":{"name":{"type":"string","description_kind":"plain","optional":true},"namespace":{"type":"string","description_kind":"plain","optional":true},"tenant":{"type":"string","description_kind":"plain","optional":true}},"description_kind":"plain"}}},"description_kind":"plain"}},"node_static_ip":{"nesting_mode":"set","block":{"attributes":{"default_gw":{"type":"string","description_kind":"plain","optional":true},"dns_server":{"type":"string","description_kind":"plain","optional":true},"ip_address":{"type":"string","description_kind":"plain","optional":true}},"description_kind":"plain"}}},"description_kind":"plain"}}},"description_kind":"plain"}},"legacy_interface":{"nesting_mode":"set","block":{"attributes":{"device_name":{"type":"string","description_kind":"plain","optional":true},"dhcp_address":{"type":"string","description_kind":"plain","optional":true},"dhcp_server":{"type":"string","description_kind":"plain","optional":true},"monitor_disabled":{"type":"bool","description_kind":"plain","optional":true},"mtu":{"type":"number","description_kind":"plain","optional":true},"priority":{"type":"number","description_kind":"plain","optional":true},"type":{"type":"string","description_kind":"plain","optional":true},"vlan_tag":{"type":"number","description_kind":"plain","optional":true},"vlan_tagging":{"type":"string","description_kind":"plain","optional":true}},"block_types":{"address_allocator":{"nesting_mode":"list","block":{"attributes":{"kind":{"type":"string","description_kind":"plain","computed":true},"name":{"type":"string","description_kind":"plain","optional":true},"namespace":{"type":"string","description_kind":"plain","optional":true},"tenant":{"type":"string","description_kind":"plain","optional":true}},"description_kind":"plain"}},"default_gateway":{"nesting_mode":"set","block":{"attributes":{"default_gateway_mode":{"type":"string","description_kind":"plain","optional":true}},"block_types":{"default_gateway_address":{"nesting_mode":"set","block":{"attributes":{"addr":{"type":"string","description_kind":"plain","optional":true}},"description_kind":"plain"}}},"description_kind":"plain"}},"dns_server":{"nesting_mode":"set","block":{"attributes":{"dns_mode":{"type":"string","description_kind":"plain","optional":true}},"block_types":{"dns_server":{"nesting_mode":"list","block":{"attributes":{"addr":{"type":"string","description_kind":"plain","optional":true}},"description_kind":"plain"}}},"description_kind":"plain"}},"monitor":{"nesting_mode":"set","block":{"description_kind":"plain"}},"static_addresses":{"nesting_mode":"list","block":{"attributes":{"plen":{"type":"number","description_kind":"plain","optional":true},"prefix":{"type":"string","description_kind":"plain","optional":true}},"description_kind":"plain"}},"tunnel":{"nesting_mode":"set","block":{"block_types":{"tunnel":{"nesting_mode":"list","block":{"attributes":{"kind":{"type":"string","description_kind":"plain","computed":true},"name":{"type":"string","description_kind":"plain","optional":true},"namespace":{"type":"string","description_kind":"plain","optional":true},"tenant":{"type":"string","description_kind":"plain","optional":true}},"description_kind":"plain"}}},"description_kind":"plain"}},"virtual_network":{"nesting_mode":"list","block":{"attributes":{"kind":{"type":"string","description_kind":"plain","computed":true},"name":{"type":"string","description_kind":"plain","optional":true},"namespace":{"type":"string","description_kind":"plain","optional":true},"tenant":{"type":"string","description_kind":"plain","optional":true}},"description_kind":"plain"}}},"description_kind":"plain"}},"tunnel_interface":{"nesting_mode":"set","block":{"attributes":{"cluster":{"type":"bool","description_kind":"plain","optional":true},"mtu":{"type":"number","description_kind":"plain","optional":true},"node":{"type":"string","description_kind":"plain","optional":true},"priority":{"type":"number","description_kind":"plain","optional":true},"site_local_inside_network":{"type":"bool","description_kind":"plain","optional":true},"site_local_network":{"type":"bool","description_kind":"plain","optional":true}},"block_types":{"inside_network":{"nesting_mode":"set","block":{"attributes":{"name":{"type":"string","description_kind":"plain","optional":true},"namespace":{"type":"string","description_kind":"plain","optional":true},"tenant":{"type":"string","description_kind":"plain","optional":true}},"description_kind":"plain"}},"static_ip":{"nesting_mode":"set","block":{"block_types":{"cluster_static_ip":{"nesting_mode":"set","block":{"block_types":{"interface_ip_map":{"nesting_mode":"set","block":{"attributes":{"name":{"type":"string","description_kind":"plain","required":true}},"block_types":{"value":{"nesting_mode":"set","block":{"attributes":{"default_gw":{"type":"string","description_kind":"plain","optional":true},"dns_server":{"type":"string","description_kind":"plain","optional":true},"ip_address":{"type":"string","description_kind":"plain","optional":true}},"description_kind":"plain"},"min_items":1}},"description_kind":"plain"}}},"description_kind":"plain"}},"fleet_static_ip":{"nesting_mode":"set","block":{"attributes":{"default_gw":{"type":"string","description_kind":"plain","optional":true},"dns_server":{"type":"string","description_kind":"plain","optional":true}},"block_types":{"network_prefix_allocator":{"nesting_mode":"set","block":{"attributes":{"name":{"type":"string","description_kind":"plain","optional":true},"namespace":{"type":"string","description_kind":"plain","optional":true},"tenant":{"type":"string","description_kind":"plain","optional":true}},"description_kind":"plain"}}},"description_kind":"plain"}},"node_static_ip":{"nesting_mode":"set","block":{"attributes":{"default_gw":{"type":"string","description_kind":"plain","optional":true},"dns_server":{"type":"string","description_kind":"plain","optional":true},"ip_address":{"type":"string","description_kind":"plain","optional":true}},"description_kind":"plain"}}},"description_kind":"plain"}},"tunnel":{"nesting_mode":"set","block":{"attributes":{"name":{"type":"string","description_kind":"plain","optional":true},"namespace":{"type":"string","description_kind":"plain","optional":true},"tenant":{"type":"string","description_kind":"plain","optional":true}},"description_kind":"plain"}}},"description_kind":"plain"}}},"description_kind":"plain"}},"volterra_network_policy":{"version":0,"block":{"attributes":{"annotations":{"type":["map","string"],"description_kind":"plain","optional":true},"description":{"type":"string","description_kind":"plain","optional":true},"disable":{"type":"bool","description_kind":"plain","optional":true},"id":{"type":"string","description_kind":"plain","optional":true,"computed":true},"labels":{"type":["map","string"],"description_kind":"plain","optional":true},"name":{"type":"string","description_kind":"plain","required":true},"namespace":{"type":"string","description_kind":"plain","required":true}},"block_types":{"endpoint":{"nesting_mode":"set","block":{"attributes":{"any":{"type":"bool","description_kind":"plain","optional":true},"inside_endpoints":{"type":"bool","description_kind":"plain","optional":true},"namespace":{"type":"string","description_kind":"plain","optional":true},"outside_endpoints":{"type":"bool","description_kind":"plain","optional":true}},"block_types":{"interface":{"nesting_mode":"set","block":{"attributes":{"name":{"type":"string","description_kind":"plain","optional":true},"namespace":{"type":"string","description_kind":"plain","optional":true},"tenant":{"type":"string","description_kind":"plain","optional":true}},"description_kind":"plain"}},"label_selector":{"nesting_mode":"set","block":{"attributes":{"expressions":{"type":["list","string"],"description_kind":"plain","required":true}},"description_kind":"plain"}},"prefix_list":{"nesting_mode":"set","block":{"attributes":{"prefixes":{"type":["list","string"],"description_kind":"plain","required":true}},"description_kind":"plain"}}},"description_kind":"plain"}},"rules":{"nesting_mode":"set","block":{"block_types":{"egress_rules":{"nesting_mode":"list","block":{"attributes":{"action":{"type":"string","description_kind":"plain","optional":true},"all_tcp_traffic":{"type":"bool","description_kind":"plain","optional":true},"all_traffic":{"type":"bool","description_kind":"plain","optional":true},"all_udp_traffic":{"type":"bool","description_kind":"plain","optional":true},"any":{"type":"bool","description_kind":"plain","optional":true},"inside_endpoints":{"type":"bool","description_kind":"plain","optional":true},"keys":{"type":["list","string"],"description_kind":"plain","optional":true},"namespace":{"type":"string","description_kind":"plain","optional":true},"outside_endpoints":{"type":"bool","description_kind":"plain","optional":true},"rule_description":{"type":"string","description_kind":"plain","optional":true},"rule_name":{"type":"string","description_kind":"plain","optional":true}},"block_types":{"adv_action":{"nesting_mode":"set","block":{"attributes":{"action":{"type":"string","description_kind":"plain","optional":true}},"description_kind":"plain"}},"applications":{"nesting_mode":"set","block":{"attributes":{"applications":{"type":["list","string"],"description_kind":"plain","optional":true}},"description_kind":"plain"}},"ip_prefix_set":{"nesting_mode":"set","block":{"block_types":{"ref":{"nesting_mode":"list","block":{"attributes":{"kind":{"type":"string","description_kind":"plain","computed":true},"name":{"type":"string","description_kind":"plain","optional":true},"namespace":{"type":"string","description_kind":"plain","optional":true},"tenant":{"type":"string","description_kind":"plain","optional":true}},"description_kind":"plain"}}},"description_kind":"plain"}},"label_matcher":{"nesting_mode":"set","block":{"attributes":{"keys":{"type":["list","string"],"description_kind":"plain","optional":true}},"description_kind":"plain"}},"label_selector":{"nesting_mode":"set","block":{"attributes":{"expressions":{"type":["list","string"],"description_kind":"plain","required":true}},"description_kind":"plain"}},"metadata":{"nesting_mode":"set","block":{"attributes":{"description":{"type":"string","description_kind":"plain","optional":true},"disable":{"type":"bool","description_kind":"plain","optional":true},"name":{"type":"string","description_kind":"plain","optional":true}},"description_kind":"plain"}},"prefix_list":{"nesting_mode":"set","block":{"attributes":{"prefixes":{"type":["list","string"],"description_kind":"plain","required":true}},"description_kind":"plain"}},"protocol_port_range":{"nesting_mode":"set","block":{"attributes":{"port_ranges":{"type":["list","string"],"description_kind":"plain","optional":true},"protocol":{"type":"string","description_kind":"plain","optional":true}},"description_kind":"plain"}}},"description_kind":"plain"}},"ingress_rules":{"nesting_mode":"list","block":{"attributes":{"action":{"type":"string","description_kind":"plain","optional":true},"all_tcp_traffic":{"type":"bool","description_kind":"plain","optional":true},"all_traffic":{"type":"bool","description_kind":"plain","optional":true},"all_udp_traffic":{"type":"bool","description_kind":"plain","optional":true},"any":{"type":"bool","description_kind":"plain","optional":true},"inside_endpoints":{"type":"bool","description_kind":"plain","optional":true},"keys":{"type":["list","string"],"description_kind":"plain","optional":true},"namespace":{"type":"string","description_kind":"plain","optional":true},"outside_endpoints":{"type":"bool","description_kind":"plain","optional":true},"rule_description":{"type":"string","description_kind":"plain","optional":true},"rule_name":{"type":"string","description_kind":"plain","optional":true}},"block_types":{"adv_action":{"nesting_mode":"set","block":{"attributes":{"action":{"type":"string","description_kind":"plain","optional":true}},"description_kind":"plain"}},"applications":{"nesting_mode":"set","block":{"attributes":{"applications":{"type":["list","string"],"description_kind":"plain","optional":true}},"description_kind":"plain"}},"ip_prefix_set":{"nesting_mode":"set","block":{"block_types":{"ref":{"nesting_mode":"list","block":{"attributes":{"kind":{"type":"string","description_kind":"plain","computed":true},"name":{"type":"string","description_kind":"plain","optional":true},"namespace":{"type":"string","description_kind":"plain","optional":true},"tenant":{"type":"string","description_kind":"plain","optional":true}},"description_kind":"plain"}}},"description_kind":"plain"}},"label_matcher":{"nesting_mode":"set","block":{"attributes":{"keys":{"type":["list","string"],"description_kind":"plain","optional":true}},"description_kind":"plain"}},"label_selector":{"nesting_mode":"set","block":{"attributes":{"expressions":{"type":["list","string"],"description_kind":"plain","required":true}},"description_kind":"plain"}},"metadata":{"nesting_mode":"set","block":{"attributes":{"description":{"type":"string","description_kind":"plain","optional":true},"disable":{"type":"bool","description_kind":"plain","optional":true},"name":{"type":"string","description_kind":"plain","optional":true}},"description_kind":"plain"}},"prefix_list":{"nesting_mode":"set","block":{"attributes":{"prefixes":{"type":["list","string"],"description_kind":"plain","required":true}},"description_kind":"plain"}},"protocol_port_range":{"nesting_mode":"set","block":{"attributes":{"port_ranges":{"type":["list","string"],"description_kind":"plain","optional":true},"protocol":{"type":"string","description_kind":"plain","optional":true}},"description_kind":"plain"}}},"description_kind":"plain"}}},"description_kind":"plain"}}},"description_kind":"plain"}},"volterra_network_policy_rule":{"version":0,"block":{"attributes":{"action":{"type":"string","description_kind":"plain","optional":true},"annotations":{"type":["map","string"],"description_kind":"plain","optional":true},"description":{"type":"string","description_kind":"plain","optional":true},"disable":{"type":"bool","description_kind":"plain","optional":true},"id":{"type":"string","description_kind":"plain","optional":true,"computed":true},"labels":{"type":["map","string"],"description_kind":"plain","optional":true},"name":{"type":"string","description_kind":"plain","required":true},"namespace":{"type":"string","description_kind":"plain","required":true},"ports":{"type":["list","string"],"description_kind":"plain","optional":true},"protocol":{"type":"string","description_kind":"plain","optional":true}},"block_types":{"advanced_action":{"nesting_mode":"set","block":{"attributes":{"action":{"type":"string","description_kind":"plain","optional":true}},"description_kind":"plain"}},"ip_prefix_set":{"nesting_mode":"set","block":{"block_types":{"ref":{"nesting_mode":"list","block":{"attributes":{"kind":{"type":"string","description_kind":"plain","computed":true},"name":{"type":"string","description_kind":"plain","optional":true},"namespace":{"type":"string","description_kind":"plain","optional":true},"tenant":{"type":"string","description_kind":"plain","optional":true}},"description_kind":"plain"}}},"description_kind":"plain"}},"label_matcher":{"nesting_mode":"set","block":{"attributes":{"keys":{"type":["list","string"],"description_kind":"plain","optional":true}},"description_kind":"plain"}},"prefix":{"nesting_mode":"set","block":{"attributes":{"prefix":{"type":["list","string"],"description_kind":"plain","optional":true}},"description_kind":"plain"}},"prefix_selector":{"nesting_mode":"set","block":{"attributes":{"expressions":{"type":["list","string"],"description_kind":"plain","required":true}},"description_kind":"plain"}}},"description_kind":"plain"}},"volterra_network_policy_view":{"version":0,"block":{"attributes":{"annotations":{"type":["map","string"],"description_kind":"plain","optional":true},"description":{"type":"string","description_kind":"plain","optional":true},"disable":{"type":"bool","description_kind":"plain","optional":true},"id":{"type":"string","description_kind":"plain","optional":true,"computed":true},"labels":{"type":["map","string"],"description_kind":"plain","optional":true},"name":{"type":"string","description_kind":"plain","required":true},"namespace":{"type":"string","description_kind":"plain","required":true}},"block_types":{"egress_rules":{"nesting_mode":"list","block":{"attributes":{"action":{"type":"string","description_kind":"plain","optional":true},"all_tcp_traffic":{"type":"bool","description_kind":"plain","optional":true},"all_traffic":{"type":"bool","description_kind":"plain","optional":true},"all_udp_traffic":{"type":"bool","description_kind":"plain","optional":true},"any":{"type":"bool","description_kind":"plain","optional":true},"inside_endpoints":{"type":"bool","description_kind":"plain","optional":true},"keys":{"type":["list","string"],"description_kind":"plain","optional":true},"namespace":{"type":"string","description_kind":"plain","optional":true},"outside_endpoints":{"type":"bool","description_kind":"plain","optional":true},"rule_description":{"type":"string","description_kind":"plain","optional":true},"rule_name":{"type":"string","description_kind":"plain","optional":true}},"block_types":{"adv_action":{"nesting_mode":"set","block":{"description_kind":"plain"}},"applications":{"nesting_mode":"set","block":{"attributes":{"applications":{"type":["list","string"],"description_kind":"plain","optional":true}},"description_kind":"plain"}},"ip_prefix_set":{"nesting_mode":"set","block":{"block_types":{"ref":{"nesting_mode":"list","block":{"attributes":{"kind":{"type":"string","description_kind":"plain","computed":true},"name":{"type":"string","description_kind":"plain","optional":true},"namespace":{"type":"string","description_kind":"plain","optional":true},"tenant":{"type":"string","description_kind":"plain","optional":true}},"description_kind":"plain"}}},"description_kind":"plain"}},"label_matcher":{"nesting_mode":"set","block":{"attributes":{"keys":{"type":["list","string"],"description_kind":"plain","optional":true}},"description_kind":"plain"}},"label_selector":{"nesting_mode":"set","block":{"attributes":{"expressions":{"type":["list","string"],"description_kind":"plain","required":true}},"description_kind":"plain"}},"metadata":{"nesting_mode":"set","block":{"attributes":{"description":{"type":"string","description_kind":"plain","optional":true},"disable":{"type":"bool","description_kind":"plain","optional":true},"name":{"type":"string","description_kind":"plain","optional":true}},"description_kind":"plain"}},"prefix_list":{"nesting_mode":"set","block":{"attributes":{"prefixes":{"type":["list","string"],"description_kind":"plain","required":true}},"description_kind":"plain"}},"protocol_port_range":{"nesting_mode":"set","block":{"attributes":{"port_ranges":{"type":["list","string"],"description_kind":"plain","optional":true},"protocol":{"type":"string","description_kind":"plain","optional":true}},"description_kind":"plain"}}},"description_kind":"plain"}},"endpoint":{"nesting_mode":"set","block":{"attributes":{"any":{"type":"bool","description_kind":"plain","optional":true},"inside_endpoints":{"type":"bool","description_kind":"plain","optional":true},"namespace":{"type":"string","description_kind":"plain","optional":true},"outside_endpoints":{"type":"bool","description_kind":"plain","optional":true}},"block_types":{"interface":{"nesting_mode":"set","block":{"attributes":{"name":{"type":"string","description_kind":"plain","optional":true},"namespace":{"type":"string","description_kind":"plain","optional":true},"tenant":{"type":"string","description_kind":"plain","optional":true}},"description_kind":"plain"}},"label_selector":{"nesting_mode":"set","block":{"attributes":{"expressions":{"type":["list","string"],"description_kind":"plain","required":true}},"description_kind":"plain"}},"prefix_list":{"nesting_mode":"set","block":{"attributes":{"prefixes":{"type":["list","string"],"description_kind":"plain","required":true}},"description_kind":"plain"}}},"description_kind":"plain"}},"ingress_rules":{"nesting_mode":"list","block":{"attributes":{"action":{"type":"string","description_kind":"plain","optional":true},"all_tcp_traffic":{"type":"bool","description_kind":"plain","optional":true},"all_traffic":{"type":"bool","description_kind":"plain","optional":true},"all_udp_traffic":{"type":"bool","description_kind":"plain","optional":true},"any":{"type":"bool","description_kind":"plain","optional":true},"inside_endpoints":{"type":"bool","description_kind":"plain","optional":true},"keys":{"type":["list","string"],"description_kind":"plain","optional":true},"namespace":{"type":"string","description_kind":"plain","optional":true},"outside_endpoints":{"type":"bool","description_kind":"plain","optional":true},"rule_description":{"type":"string","description_kind":"plain","optional":true},"rule_name":{"type":"string","description_kind":"plain","optional":true}},"block_types":{"adv_action":{"nesting_mode":"set","block":{"description_kind":"plain"}},"applications":{"nesting_mode":"set","block":{"attributes":{"applications":{"type":["list","string"],"description_kind":"plain","optional":true}},"description_kind":"plain"}},"ip_prefix_set":{"nesting_mode":"set","block":{"block_types":{"ref":{"nesting_mode":"list","block":{"attributes":{"kind":{"type":"string","description_kind":"plain","computed":true},"name":{"type":"string","description_kind":"plain","optional":true},"namespace":{"type":"string","description_kind":"plain","optional":true},"tenant":{"type":"string","description_kind":"plain","optional":true}},"description_kind":"plain"}}},"description_kind":"plain"}},"label_matcher":{"nesting_mode":"set","block":{"attributes":{"keys":{"type":["list","string"],"description_kind":"plain","optional":true}},"description_kind":"plain"}},"label_selector":{"nesting_mode":"set","block":{"attributes":{"expressions":{"type":["list","string"],"description_kind":"plain","required":true}},"description_kind":"plain"}},"metadata":{"nesting_mode":"set","block":{"attributes":{"description":{"type":"string","description_kind":"plain","optional":true},"disable":{"type":"bool","description_kind":"plain","optional":true},"name":{"type":"string","description_kind":"plain","optional":true}},"description_kind":"plain"}},"prefix_list":{"nesting_mode":"set","block":{"attributes":{"prefixes":{"type":["list","string"],"description_kind":"plain","required":true}},"description_kind":"plain"}},"protocol_port_range":{"nesting_mode":"set","block":{"attributes":{"port_ranges":{"type":["list","string"],"description_kind":"plain","optional":true},"protocol":{"type":"string","description_kind":"plain","optional":true}},"description_kind":"plain"}}},"description_kind":"plain"}}},"description_kind":"plain"}},"volterra_origin_pool":{"version":0,"block":{"attributes":{"annotations":{"type":["map","string"],"description_kind":"plain","optional":true},"description":{"type":"string","description_kind":"plain","optional":true},"disable":{"type":"bool","description_kind":"plain","optional":true},"endpoint_selection":{"type":"string","description_kind":"plain","required":true},"health_check_port":{"type":"number","description_kind":"plain","optional":true},"id":{"type":"string","description_kind":"plain","optional":true,"computed":true},"labels":{"type":["map","string"],"description_kind":"plain","optional":true},"loadbalancer_algorithm":{"type":"string","description_kind":"plain","required":true},"name":{"type":"string","description_kind":"plain","required":true},"namespace":{"type":"string","description_kind":"plain","required":true},"no_tls":{"type":"bool","description_kind":"plain","optional":true},"port":{"type":"number","description_kind":"plain","required":true},"same_as_endpoint_port":{"type":"bool","description_kind":"plain","optional":true}},"block_types":{"advanced_options":{"nesting_mode":"set","block":{"attributes":{"connection_timeout":{"type":"number","description_kind":"plain","optional":true},"disable_circuit_breaker":{"type":"bool","description_kind":"plain","optional":true},"disable_outlier_detection":{"type":"bool","description_kind":"plain","optional":true},"disable_subsets":{"type":"bool","description_kind":"plain","optional":true},"http_idle_timeout":{"type":"number","description_kind":"plain","optional":true},"no_panic_threshold":{"type":"bool","description_kind":"plain","optional":true},"panic_threshold":{"type":"number","description_kind":"plain","optional":true}},"block_types":{"circuit_breaker":{"nesting_mode":"set","block":{"attributes":{"connection_limit":{"type":"number","description_kind":"plain","optional":true},"max_requests":{"type":"number","description_kind":"plain","optional":true},"pending_requests":{"type":"number","description_kind":"plain","optional":true},"priority":{"type":"string","description_kind":"plain","optional":true},"retries":{"type":"number","description_kind":"plain","optional":true}},"description_kind":"plain"}},"enable_subsets":{"nesting_mode":"set","block":{"attributes":{"any_endpoint":{"type":"bool","description_kind":"plain","optional":true},"fail_request":{"type":"bool","description_kind":"plain","optional":true}},"block_types":{"default_subset":{"nesting_mode":"set","block":{"attributes":{"default_subset":{"type":["map","string"],"description_kind":"plain","optional":true}},"description_kind":"plain"}},"endpoint_subsets":{"nesting_mode":"list","block":{"attributes":{"keys":{"type":["list","string"],"description_kind":"plain","optional":true}},"description_kind":"plain"}}},"description_kind":"plain"}},"http2_options":{"nesting_mode":"set","block":{"attributes":{"enabled":{"type":"bool","description_kind":"plain","optional":true}},"description_kind":"plain"}},"outlier_detection":{"nesting_mode":"set","block":{"attributes":{"base_ejection_time":{"type":"number","description_kind":"plain","optional":true},"consecutive_5xx":{"type":"number","description_kind":"plain","optional":true},"consecutive_gateway_failure":{"type":"number","description_kind":"plain","optional":true},"interval":{"type":"number","description_kind":"plain","optional":true},"max_ejection_percent":{"type":"number","description_kind":"plain","optional":true}},"description_kind":"plain"}}},"description_kind":"plain"}},"healthcheck":{"nesting_mode":"list","block":{"attributes":{"name":{"type":"string","description_kind":"plain","optional":true},"namespace":{"type":"string","description_kind":"plain","optional":true},"tenant":{"type":"string","description_kind":"plain","optional":true}},"description_kind":"plain"}},"origin_servers":{"nesting_mode":"list","block":{"attributes":{"labels":{"type":["map","string"],"description_kind":"plain","optional":true}},"block_types":{"consul_service":{"nesting_mode":"set","block":{"attributes":{"inside_network":{"type":"bool","description_kind":"plain","optional":true},"outside_network":{"type":"bool","description_kind":"plain","optional":true},"service_name":{"type":"string","description_kind":"plain","optional":true}},"block_types":{"site_locator":{"nesting_mode":"set","block":{"block_types":{"site":{"nesting_mode":"set","block":{"attributes":{"kind":{"type":"string","description_kind":"plain","computed":true},"name":{"type":"string","description_kind":"plain","optional":true},"namespace":{"type":"string","description_kind":"plain","optional":true},"tenant":{"type":"string","description_kind":"plain","optional":true}},"description_kind":"plain"}},"virtual_site":{"nesting_mode":"set","block":{"attributes":{"kind":{"type":"string","description_kind":"plain","computed":true},"name":{"type":"string","description_kind":"plain","optional":true},"namespace":{"type":"string","description_kind":"plain","optional":true},"tenant":{"type":"string","description_kind":"plain","optional":true}},"description_kind":"plain"}}},"description_kind":"plain"}}},"description_kind":"plain"}},"custom_endpoint_object":{"nesting_mode":"set","block":{"block_types":{"endpoint":{"nesting_mode":"set","block":{"attributes":{"name":{"type":"string","description_kind":"plain","optional":true},"namespace":{"type":"string","description_kind":"plain","optional":true},"tenant":{"type":"string","description_kind":"plain","optional":true}},"description_kind":"plain"}}},"description_kind":"plain"}},"k8s_service":{"nesting_mode":"set","block":{"attributes":{"inside_network":{"type":"bool","description_kind":"plain","optional":true},"outside_network":{"type":"bool","description_kind":"plain","optional":true},"service_name":{"type":"string","description_kind":"plain","optional":true},"vk8s_networks":{"type":"bool","description_kind":"plain","optional":true}},"block_types":{"site_locator":{"nesting_mode":"set","block":{"block_types":{"site":{"nesting_mode":"set","block":{"attributes":{"kind":{"type":"string","description_kind":"plain","computed":true},"name":{"type":"string","description_kind":"plain","optional":true},"namespace":{"type":"string","description_kind":"plain","optional":true},"tenant":{"type":"string","description_kind":"plain","optional":true}},"description_kind":"plain"}},"virtual_site":{"nesting_mode":"set","block":{"attributes":{"kind":{"type":"string","description_kind":"plain","computed":true},"name":{"type":"string","description_kind":"plain","optional":true},"namespace":{"type":"string","description_kind":"plain","optional":true},"tenant":{"type":"string","description_kind":"plain","optional":true}},"description_kind":"plain"}}},"description_kind":"plain"}}},"description_kind":"plain"}},"private_ip":{"nesting_mode":"set","block":{"attributes":{"inside_network":{"type":"bool","description_kind":"plain","optional":true},"ip":{"type":"string","description_kind":"plain","optional":true},"outside_network":{"type":"bool","description_kind":"plain","optional":true}},"block_types":{"site_locator":{"nesting_mode":"set","block":{"block_types":{"site":{"nesting_mode":"set","block":{"attributes":{"kind":{"type":"string","description_kind":"plain","computed":true},"name":{"type":"string","description_kind":"plain","optional":true},"namespace":{"type":"string","description_kind":"plain","optional":true},"tenant":{"type":"string","description_kind":"plain","optional":true}},"description_kind":"plain"}},"virtual_site":{"nesting_mode":"set","block":{"attributes":{"kind":{"type":"string","description_kind":"plain","computed":true},"name":{"type":"string","description_kind":"plain","optional":true},"namespace":{"type":"string","description_kind":"plain","optional":true},"tenant":{"type":"string","description_kind":"plain","optional":true}},"description_kind":"plain"}}},"description_kind":"plain"}}},"description_kind":"plain"}},"private_name":{"nesting_mode":"set","block":{"attributes":{"dns_name":{"type":"string","description_kind":"plain","optional":true},"inside_network":{"type":"bool","description_kind":"plain","optional":true},"outside_network":{"type":"bool","description_kind":"plain","optional":true}},"block_types":{"site_locator":{"nesting_mode":"set","block":{"block_types":{"site":{"nesting_mode":"set","block":{"attributes":{"kind":{"type":"string","description_kind":"plain","computed":true},"name":{"type":"string","description_kind":"plain","optional":true},"namespace":{"type":"string","description_kind":"plain","optional":true},"tenant":{"type":"string","description_kind":"plain","optional":true}},"description_kind":"plain"}},"virtual_site":{"nesting_mode":"set","block":{"attributes":{"kind":{"type":"string","description_kind":"plain","computed":true},"name":{"type":"string","description_kind":"plain","optional":true},"namespace":{"type":"string","description_kind":"plain","optional":true},"tenant":{"type":"string","description_kind":"plain","optional":true}},"description_kind":"plain"}}},"description_kind":"plain"}}},"description_kind":"plain"}},"public_ip":{"nesting_mode":"set","block":{"attributes":{"ip":{"type":"string","description_kind":"plain","optional":true}},"description_kind":"plain"}},"public_name":{"nesting_mode":"set","block":{"attributes":{"dns_name":{"type":"string","description_kind":"plain","optional":true}},"description_kind":"plain"}},"vn_private_ip":{"nesting_mode":"set","block":{"attributes":{"ip":{"type":"string","description_kind":"plain","optional":true}},"block_types":{"virtual_network":{"nesting_mode":"set","block":{"attributes":{"name":{"type":"string","description_kind":"plain","optional":true},"namespace":{"type":"string","description_kind":"plain","optional":true},"tenant":{"type":"string","description_kind":"plain","optional":true}},"description_kind":"plain"}}},"description_kind":"plain"}},"vn_private_name":{"nesting_mode":"set","block":{"attributes":{"dns_name":{"type":"string","description_kind":"plain","optional":true}},"block_types":{"private_network":{"nesting_mode":"set","block":{"attributes":{"name":{"type":"string","description_kind":"plain","optional":true},"namespace":{"type":"string","description_kind":"plain","optional":true},"tenant":{"type":"string","description_kind":"plain","optional":true}},"description_kind":"plain"}}},"description_kind":"plain"}}},"description_kind":"plain"}},"use_tls":{"nesting_mode":"set","block":{"attributes":{"disable_sni":{"type":"bool","description_kind":"plain","optional":true},"no_mtls":{"type":"bool","description_kind":"plain","optional":true},"skip_server_verification":{"type":"bool","description_kind":"plain","optional":true},"sni":{"type":"string","description_kind":"plain","optional":true},"use_host_header_as_sni":{"type":"bool","description_kind":"plain","optional":true},"volterra_trusted_ca":{"type":"bool","description_kind":"plain","optional":true}},"block_types":{"tls_config":{"nesting_mode":"set","block":{"attributes":{"default_security":{"type":"bool","description_kind":"plain","optional":true},"low_security":{"type":"bool","description_kind":"plain","optional":true},"medium_security":{"type":"bool","description_kind":"plain","optional":true}},"block_types":{"custom_security":{"nesting_mode":"set","block":{"attributes":{"cipher_suites":{"type":["list","string"],"description_kind":"plain","required":true},"max_version":{"type":"string","description_kind":"plain","optional":true},"min_version":{"type":"string","description_kind":"plain","optional":true}},"description_kind":"plain"}}},"description_kind":"plain"}},"use_mtls":{"nesting_mode":"set","block":{"block_types":{"tls_certificates":{"nesting_mode":"list","block":{"attributes":{"certificate_url":{"type":"string","description_kind":"plain","optional":true},"description":{"type":"string","description_kind":"plain","optional":true}},"block_types":{"private_key":{"nesting_mode":"set","block":{"attributes":{"secret_encoding_type":{"type":"string","description_kind":"plain","optional":true}},"block_types":{"blindfold_secret_info":{"nesting_mode":"set","block":{"attributes":{"decryption_provider":{"type":"string","description_kind":"plain","optional":true},"location":{"type":"string","description_kind":"plain","optional":true},"store_provider":{"type":"string","description_kind":"plain","optional":true}},"description_kind":"plain"}},"blindfold_secret_info_internal":{"nesting_mode":"set","block":{"attributes":{"decryption_provider":{"type":"string","description_kind":"plain","optional":true},"location":{"type":"string","description_kind":"plain","optional":true},"store_provider":{"type":"string","description_kind":"plain","optional":true}},"description_kind":"plain"}},"clear_secret_info":{"nesting_mode":"set","block":{"attributes":{"provider":{"type":"string","description_kind":"plain","optional":true},"url":{"type":"string","description_kind":"plain","optional":true}},"description_kind":"plain"}},"vault_secret_info":{"nesting_mode":"set","block":{"attributes":{"key":{"type":"string","description_kind":"plain","optional":true},"location":{"type":"string","description_kind":"plain","optional":true},"provider":{"type":"string","description_kind":"plain","optional":true},"secret_encoding":{"type":"string","description_kind":"plain","optional":true},"version":{"type":"number","description_kind":"plain","optional":true}},"description_kind":"plain"}},"wingman_secret_info":{"nesting_mode":"set","block":{"attributes":{"name":{"type":"string","description_kind":"plain","optional":true}},"description_kind":"plain"}}},"description_kind":"plain"}}},"description_kind":"plain"}}},"description_kind":"plain"}},"use_server_verification":{"nesting_mode":"set","block":{"attributes":{"trusted_ca_url":{"type":"string","description_kind":"plain","optional":true}},"description_kind":"plain"}}},"description_kind":"plain"}}},"description_kind":"plain"}},"volterra_policer":{"version":0,"block":{"attributes":{"annotations":{"type":["map","string"],"description_kind":"plain","optional":true},"burst_size":{"type":"number","description_kind":"plain","required":true},"committed_information_rate":{"type":"number","description_kind":"plain","required":true},"description":{"type":"string","description_kind":"plain","optional":true},"disable":{"type":"bool","description_kind":"plain","optional":true},"id":{"type":"string","description_kind":"plain","optional":true,"computed":true},"labels":{"type":["map","string"],"description_kind":"plain","optional":true},"name":{"type":"string","description_kind":"plain","required":true},"namespace":{"type":"string","description_kind":"plain","required":true},"policer_mode":{"type":"string","description_kind":"plain","optional":true},"policer_type":{"type":"string","description_kind":"plain","optional":true}},"description_kind":"plain"}},"volterra_protocol_policer":{"version":0,"block":{"attributes":{"annotations":{"type":["map","string"],"description_kind":"plain","optional":true},"description":{"type":"string","description_kind":"plain","optional":true},"disable":{"type":"bool","description_kind":"plain","optional":true},"id":{"type":"string","description_kind":"plain","optional":true,"computed":true},"labels":{"type":["map","string"],"description_kind":"plain","optional":true},"name":{"type":"string","description_kind":"plain","required":true},"namespace":{"type":"string","description_kind":"plain","required":true}},"block_types":{"protocol_policer":{"nesting_mode":"list","block":{"block_types":{"policer":{"nesting_mode":"list","block":{"attributes":{"kind":{"type":"string","description_kind":"plain","computed":true},"name":{"type":"string","description_kind":"plain","optional":true},"namespace":{"type":"string","description_kind":"plain","optional":true},"tenant":{"type":"string","description_kind":"plain","optional":true}},"description_kind":"plain"}},"protocol":{"nesting_mode":"set","block":{"block_types":{"dns":{"nesting_mode":"set","block":{"description_kind":"plain"}},"icmp":{"nesting_mode":"set","block":{"attributes":{"type":{"type":["list","string"],"description_kind":"plain","optional":true}},"description_kind":"plain"}},"tcp":{"nesting_mode":"set","block":{"attributes":{"flags":{"type":["list","string"],"description_kind":"plain","optional":true}},"description_kind":"plain"}},"udp":{"nesting_mode":"set","block":{"description_kind":"plain"}}},"description_kind":"plain"}}},"description_kind":"plain"}}},"description_kind":"plain"}},"volterra_public_ip":{"version":0,"block":{"attributes":{"annotations":{"type":["map","string"],"description_kind":"plain","optional":true},"description":{"type":"string","description_kind":"plain","optional":true},"disable":{"type":"bool","description_kind":"plain","optional":true},"id":{"type":"string","description_kind":"plain","optional":true,"computed":true},"labels":{"type":["map","string"],"description_kind":"plain","optional":true},"name":{"type":"string","description_kind":"plain","required":true},"namespace":{"type":"string","description_kind":"plain","required":true}},"block_types":{"virtual_sites":{"nesting_mode":"set","block":{"attributes":{"kind":{"type":"string","description_kind":"plain","computed":true},"name":{"type":"string","description_kind":"plain","optional":true},"namespace":{"type":"string","description_kind":"plain","optional":true},"tenant":{"type":"string","description_kind":"plain","optional":true}},"description_kind":"plain"}}},"description_kind":"plain"}},"volterra_rate_limiter":{"version":0,"block":{"attributes":{"annotations":{"type":["map","string"],"description_kind":"plain","optional":true},"description":{"type":"string","description_kind":"plain","optional":true},"disable":{"type":"bool","description_kind":"plain","optional":true},"id":{"type":"string","description_kind":"plain","optional":true,"computed":true},"labels":{"type":["map","string"],"description_kind":"plain","optional":true},"name":{"type":"string","description_kind":"plain","required":true},"namespace":{"type":"string","description_kind":"plain","required":true}},"block_types":{"limits":{"nesting_mode":"list","block":{"attributes":{"burst_multiplier":{"type":"number","description_kind":"plain","optional":true},"total_number":{"type":"number","description_kind":"plain","optional":true},"unit":{"type":"string","description_kind":"plain","optional":true}},"description_kind":"plain"}},"user_identification":{"nesting_mode":"list","block":{"attributes":{"kind":{"type":"string","description_kind":"plain","computed":true},"name":{"type":"string","description_kind":"plain","optional":true},"namespace":{"type":"string","description_kind":"plain","optional":true},"tenant":{"type":"string","description_kind":"plain","optional":true}},"description_kind":"plain"}}},"description_kind":"plain"}},"volterra_rate_limiter_policy":{"version":0,"block":{"attributes":{"annotations":{"type":["map","string"],"description_kind":"plain","optional":true},"any_server":{"type":"bool","description_kind":"plain","optional":true},"description":{"type":"string","description_kind":"plain","optional":true},"disable":{"type":"bool","description_kind":"plain","optional":true},"id":{"type":"string","description_kind":"plain","optional":true,"computed":true},"labels":{"type":["map","string"],"description_kind":"plain","optional":true},"name":{"type":"string","description_kind":"plain","required":true},"namespace":{"type":"string","description_kind":"plain","required":true},"server_name":{"type":"string","description_kind":"plain","optional":true}},"block_types":{"rules":{"nesting_mode":"list","block":{"block_types":{"metadata":{"nesting_mode":"set","block":{"attributes":{"description":{"type":"string","description_kind":"plain","optional":true},"disable":{"type":"bool","description_kind":"plain","optional":true},"name":{"type":"string","description_kind":"plain","optional":true}},"description_kind":"plain"}},"spec":{"nesting_mode":"set","block":{"attributes":{"apply_rate_limiter":{"type":"bool","description_kind":"plain","optional":true},"bypass_rate_limiter":{"type":"bool","description_kind":"plain","optional":true}},"block_types":{"custom_rate_limiter":{"nesting_mode":"set","block":{"attributes":{"name":{"type":"string","description_kind":"plain","optional":true},"namespace":{"type":"string","description_kind":"plain","optional":true},"tenant":{"type":"string","description_kind":"plain","optional":true}},"description_kind":"plain"}},"domain_matcher":{"nesting_mode":"set","block":{"attributes":{"exact_values":{"type":["list","string"],"description_kind":"plain","optional":true},"regex_values":{"type":["list","string"],"description_kind":"plain","optional":true}},"description_kind":"plain"}},"headers":{"nesting_mode":"list","block":{"attributes":{"check_not_present":{"type":"bool","description_kind":"plain","optional":true},"check_present":{"type":"bool","description_kind":"plain","optional":true},"invert_matcher":{"type":"bool","description_kind":"plain","optional":true},"name":{"type":"string","description_kind":"plain","optional":true},"presence":{"type":"bool","description_kind":"plain","optional":true}},"block_types":{"item":{"nesting_mode":"set","block":{"attributes":{"exact_values":{"type":["list","string"],"description_kind":"plain","optional":true},"regex_values":{"type":["list","string"],"description_kind":"plain","optional":true},"transformers":{"type":["list","string"],"description_kind":"plain","optional":true}},"description_kind":"plain"}}},"description_kind":"plain"}},"http_method":{"nesting_mode":"set","block":{"attributes":{"invert_matcher":{"type":"bool","description_kind":"plain","optional":true},"methods":{"type":["list","string"],"description_kind":"plain","optional":true}},"description_kind":"plain"}},"path":{"nesting_mode":"set","block":{"attributes":{"exact_values":{"type":["list","string"],"description_kind":"plain","optional":true},"prefix_values":{"type":["list","string"],"description_kind":"plain","optional":true},"regex_values":{"type":["list","string"],"description_kind":"plain","optional":true},"transformers":{"type":["list","string"],"description_kind":"plain","optional":true}},"description_kind":"plain"}}},"description_kind":"plain"}}},"description_kind":"plain"}},"server_name_matcher":{"nesting_mode":"set","block":{"attributes":{"exact_values":{"type":["list","string"],"description_kind":"plain","optional":true},"regex_values":{"type":["list","string"],"description_kind":"plain","optional":true}},"description_kind":"plain"}},"server_selector":{"nesting_mode":"set","block":{"attributes":{"expressions":{"type":["list","string"],"description_kind":"plain","required":true}},"description_kind":"plain"}}},"description_kind":"plain"}},"volterra_registration_approval":{"version":0,"block":{"attributes":{"cluster_name":{"type":"string","description_kind":"plain","required":true},"cluster_size":{"type":"number","description_kind":"plain","required":true},"connected_region":{"type":"string","description_kind":"plain","optional":true},"hostname":{"type":"string","description_kind":"plain","required":true},"id":{"type":"string","description_kind":"plain","optional":true,"computed":true},"latitude":{"type":"number","description_kind":"plain","optional":true},"longitude":{"type":"number","description_kind":"plain","optional":true},"registration_name":{"type":"string","description_kind":"plain","computed":true},"retry":{"type":"number","description_kind":"plain","optional":true},"wait_time":{"type":"number","description_kind":"plain","optional":true}},"description_kind":"plain"}},"volterra_role":{"version":0,"block":{"attributes":{"annotations":{"type":["map","string"],"description_kind":"plain","optional":true},"description":{"type":"string","description_kind":"plain","optional":true},"disable":{"type":"bool","description_kind":"plain","optional":true},"id":{"type":"string","description_kind":"plain","optional":true,"computed":true},"labels":{"type":["map","string"],"description_kind":"plain","optional":true},"name":{"type":"string","description_kind":"plain","required":true},"namespace":{"type":"string","description_kind":"plain","required":true}},"description_kind":"plain"}},"volterra_route":{"version":0,"block":{"attributes":{"annotations":{"type":["map","string"],"description_kind":"plain","optional":true},"description":{"type":"string","description_kind":"plain","optional":true},"disable":{"type":"bool","description_kind":"plain","optional":true},"id":{"type":"string","description_kind":"plain","optional":true,"computed":true},"labels":{"type":["map","string"],"description_kind":"plain","optional":true},"name":{"type":"string","description_kind":"plain","required":true},"namespace":{"type":"string","description_kind":"plain","required":true}},"block_types":{"routes":{"nesting_mode":"list","block":{"attributes":{"disable_custom_script":{"type":"bool","description_kind":"plain","optional":true},"disable_location_add":{"type":"bool","description_kind":"plain","optional":true},"request_headers_to_remove":{"type":["list","string"],"description_kind":"plain","optional":true},"response_headers_to_remove":{"type":["list","string"],"description_kind":"plain","optional":true}},"block_types":{"match":{"nesting_mode":"list","block":{"attributes":{"http_method":{"type":"string","description_kind":"plain","optional":true}},"block_types":{"headers":{"nesting_mode":"list","block":{"attributes":{"exact":{"type":"string","description_kind":"plain","optional":true},"invert_match":{"type":"bool","description_kind":"plain","optional":true},"name":{"type":"string","description_kind":"plain","optional":true},"presence":{"type":"bool","description_kind":"plain","optional":true},"regex":{"type":"string","description_kind":"plain","optional":true}},"description_kind":"plain"}},"path":{"nesting_mode":"set","block":{"attributes":{"path":{"type":"string","description_kind":"plain","optional":true},"prefix":{"type":"string","description_kind":"plain","optional":true},"regex":{"type":"string","description_kind":"plain","optional":true}},"description_kind":"plain"}},"query_params":{"nesting_mode":"list","block":{"attributes":{"exact":{"type":"string","description_kind":"plain","optional":true},"key":{"type":"string","description_kind":"plain","optional":true},"regex":{"type":"string","description_kind":"plain","optional":true}},"description_kind":"plain"}}},"description_kind":"plain"}},"request_headers_to_add":{"nesting_mode":"list","block":{"attributes":{"append":{"type":"bool","description_kind":"plain","optional":true},"name":{"type":"string","description_kind":"plain","optional":true},"value":{"type":"string","description_kind":"plain","optional":true}},"description_kind":"plain"}},"response_headers_to_add":{"nesting_mode":"list","block":{"attributes":{"append":{"type":"bool","description_kind":"plain","optional":true},"name":{"type":"string","description_kind":"plain","optional":true},"value":{"type":"string","description_kind":"plain","optional":true}},"description_kind":"plain"}},"route_destination":{"nesting_mode":"set","block":{"attributes":{"auto_host_rewrite":{"type":"bool","description_kind":"plain","optional":true},"do_not_retract_cluster":{"type":"bool","description_kind":"plain","optional":true},"endpoint_subsets":{"type":["map","string"],"description_kind":"plain","optional":true},"host_rewrite":{"type":"string","description_kind":"plain","optional":true},"prefix_rewrite":{"type":"string","description_kind":"plain","optional":true},"priority":{"type":"string","description_kind":"plain","optional":true},"retract_cluster":{"type":"bool","description_kind":"plain","optional":true},"timeout":{"type":"number","description_kind":"plain","optional":true}},"block_types":{"buffer_policy":{"nesting_mode":"set","block":{"attributes":{"disabled":{"type":"bool","description_kind":"plain","optional":true},"max_request_bytes":{"type":"number","description_kind":"plain","optional":true},"max_request_time":{"type":"number","description_kind":"plain","optional":true}},"description_kind":"plain"}},"cors_policy":{"nesting_mode":"set","block":{"attributes":{"allow_credentials":{"type":"bool","description_kind":"plain","optional":true},"allow_headers":{"type":"string","description_kind":"plain","optional":true},"allow_methods":{"type":"string","description_kind":"plain","optional":true},"allow_origin":{"type":["list","string"],"description_kind":"plain","optional":true},"allow_origin_regex":{"type":["list","string"],"description_kind":"plain","optional":true},"disabled":{"type":"bool","description_kind":"plain","optional":true},"expose_headers":{"type":"string","description_kind":"plain","optional":true},"max_age":{"type":"string","description_kind":"plain","optional":true},"maximum_age":{"type":"number","description_kind":"plain","optional":true}},"description_kind":"plain"}},"destinations":{"nesting_mode":"list","block":{"attributes":{"endpoint_subsets":{"type":["map","string"],"description_kind":"plain","optional":true},"weight":{"type":"number","description_kind":"plain","optional":true}},"block_types":{"cluster":{"nesting_mode":"list","block":{"attributes":{"kind":{"type":"string","description_kind":"plain","computed":true},"name":{"type":"string","description_kind":"plain","optional":true},"namespace":{"type":"string","description_kind":"plain","optional":true},"tenant":{"type":"string","description_kind":"plain","optional":true}},"description_kind":"plain"}}},"description_kind":"plain"}},"hash_policy":{"nesting_mode":"list","block":{"attributes":{"header_name":{"type":"string","description_kind":"plain","optional":true},"source_ip":{"type":"bool","description_kind":"plain","optional":true},"terminal":{"type":"bool","description_kind":"plain","optional":true}},"block_types":{"cookie":{"nesting_mode":"set","block":{"attributes":{"name":{"type":"string","description_kind":"plain","optional":true},"path":{"type":"string","description_kind":"plain","optional":true},"ttl":{"type":"number","description_kind":"plain","optional":true}},"description_kind":"plain"}}},"description_kind":"plain"}},"mirror_policy":{"nesting_mode":"set","block":{"block_types":{"cluster":{"nesting_mode":"list","block":{"attributes":{"kind":{"type":"string","description_kind":"plain","computed":true},"name":{"type":"string","description_kind":"plain","optional":true},"namespace":{"type":"string","description_kind":"plain","optional":true},"tenant":{"type":"string","description_kind":"plain","optional":true}},"description_kind":"plain"}},"percent":{"nesting_mode":"set","block":{"attributes":{"denominator":{"type":"string","description_kind":"plain","optional":true},"numerator":{"type":"number","description_kind":"plain","optional":true}},"description_kind":"plain"}}},"description_kind":"plain"}},"retry_policy":{"nesting_mode":"set","block":{"attributes":{"num_retries":{"type":"number","description_kind":"plain","optional":true},"per_try_timeout":{"type":"number","description_kind":"plain","optional":true},"retriable_status_codes":{"type":["list","number"],"description_kind":"plain","optional":true},"retry_condition":{"type":["list","string"],"description_kind":"plain","optional":true},"retry_on":{"type":"string","description_kind":"plain","optional":true}},"block_types":{"back_off":{"nesting_mode":"set","block":{"attributes":{"base_interval":{"type":"number","description_kind":"plain","optional":true},"max_interval":{"type":"number","description_kind":"plain","optional":true}},"description_kind":"plain"}}},"description_kind":"plain"}},"spdy_config":{"nesting_mode":"set","block":{"attributes":{"use_spdy":{"type":"bool","description_kind":"plain","optional":true}},"description_kind":"plain"}},"web_socket_config":{"nesting_mode":"set","block":{"attributes":{"idle_timeout":{"type":"number","description_kind":"plain","optional":true},"max_connect_attempts":{"type":"number","description_kind":"plain","optional":true},"use_websocket":{"type":"bool","description_kind":"plain","optional":true}},"description_kind":"plain"}}},"description_kind":"plain"}},"route_direct_response":{"nesting_mode":"set","block":{"attributes":{"response_body":{"type":"string","description_kind":"plain","optional":true},"response_code":{"type":"number","description_kind":"plain","optional":true}},"description_kind":"plain"}},"route_redirect":{"nesting_mode":"set","block":{"attributes":{"all_params":{"type":"bool","description_kind":"plain","optional":true},"host_redirect":{"type":"string","description_kind":"plain","optional":true},"path_redirect":{"type":"string","description_kind":"plain","optional":true},"proto_redirect":{"type":"string","description_kind":"plain","optional":true},"remove_all_params":{"type":"bool","description_kind":"plain","optional":true},"response_code":{"type":"number","description_kind":"plain","optional":true},"retain_all_params":{"type":"bool","description_kind":"plain","optional":true}},"block_types":{"strip_query_params":{"nesting_mode":"set","block":{"attributes":{"query_params":{"type":["list","string"],"description_kind":"plain","optional":true}},"description_kind":"plain"}}},"description_kind":"plain"}},"service_policy":{"nesting_mode":"set","block":{"attributes":{"disable":{"type":"bool","description_kind":"plain","optional":true}},"description_kind":"plain"}},"waf_type":{"nesting_mode":"set","block":{"block_types":{"app_firewall":{"nesting_mode":"set","block":{"block_types":{"app_firewall":{"nesting_mode":"list","block":{"attributes":{"kind":{"type":"string","description_kind":"plain","computed":true},"name":{"type":"string","description_kind":"plain","optional":true},"namespace":{"type":"string","description_kind":"plain","optional":true},"tenant":{"type":"string","description_kind":"plain","optional":true}},"description_kind":"plain"}}},"description_kind":"plain"}},"waf":{"nesting_mode":"set","block":{"block_types":{"waf":{"nesting_mode":"list","block":{"attributes":{"kind":{"type":"string","description_kind":"plain","computed":true},"name":{"type":"string","description_kind":"plain","optional":true},"namespace":{"type":"string","description_kind":"plain","optional":true},"tenant":{"type":"string","description_kind":"plain","optional":true}},"description_kind":"plain"}}},"description_kind":"plain"}},"waf_rules":{"nesting_mode":"set","block":{"block_types":{"waf_rules":{"nesting_mode":"list","block":{"attributes":{"kind":{"type":"string","description_kind":"plain","computed":true},"name":{"type":"string","description_kind":"plain","optional":true},"namespace":{"type":"string","description_kind":"plain","optional":true},"tenant":{"type":"string","description_kind":"plain","optional":true}},"description_kind":"plain"}}},"description_kind":"plain"}}},"description_kind":"plain"}}},"description_kind":"plain"}}},"description_kind":"plain"}},"volterra_secret_policy_rule":{"version":0,"block":{"attributes":{"action":{"type":"string","description_kind":"plain","required":true},"annotations":{"type":["map","string"],"description_kind":"plain","optional":true},"client_name":{"type":"string","description_kind":"plain","optional":true},"description":{"type":"string","description_kind":"plain","optional":true},"disable":{"type":"bool","description_kind":"plain","optional":true},"id":{"type":"string","description_kind":"plain","optional":true,"computed":true},"labels":{"type":["map","string"],"description_kind":"plain","optional":true},"name":{"type":"string","description_kind":"plain","required":true},"namespace":{"type":"string","description_kind":"plain","required":true}},"block_types":{"client_name_matcher":{"nesting_mode":"set","block":{"attributes":{"exact_values":{"type":["list","string"],"description_kind":"plain","optional":true},"regex_values":{"type":["list","string"],"description_kind":"plain","optional":true}},"description_kind":"plain"}},"client_selector":{"nesting_mode":"set","block":{"attributes":{"expressions":{"type":["list","string"],"description_kind":"plain","required":true}},"description_kind":"plain"}},"label_matcher":{"nesting_mode":"set","block":{"attributes":{"keys":{"type":["list","string"],"description_kind":"plain","optional":true}},"description_kind":"plain"}}},"description_kind":"plain"}},"volterra_service_policy":{"version":0,"block":{"attributes":{"algo":{"type":"string","description_kind":"plain","required":true},"allow_all_requests":{"type":"bool","description_kind":"plain","optional":true},"annotations":{"type":["map","string"],"description_kind":"plain","optional":true},"any_server":{"type":"bool","description_kind":"plain","optional":true},"deny_all_requests":{"type":"bool","description_kind":"plain","optional":true},"description":{"type":"string","description_kind":"plain","optional":true},"disable":{"type":"bool","description_kind":"plain","optional":true},"id":{"type":"string","description_kind":"plain","optional":true,"computed":true},"internally_generated":{"type":"bool","description_kind":"plain","optional":true},"labels":{"type":["map","string"],"description_kind":"plain","optional":true},"name":{"type":"string","description_kind":"plain","required":true},"namespace":{"type":"string","description_kind":"plain","required":true},"server_name":{"type":"string","description_kind":"plain","optional":true}},"block_types":{"allow_list":{"nesting_mode":"set","block":{"attributes":{"country_list":{"type":["list","string"],"description_kind":"plain","optional":true},"default_action_allow":{"type":"bool","description_kind":"plain","optional":true},"default_action_deny":{"type":"bool","description_kind":"plain","optional":true},"default_action_next_policy":{"type":"bool","description_kind":"plain","optional":true},"tls_fingerprint_classes":{"type":["list","string"],"description_kind":"plain","optional":true},"tls_fingerprint_values":{"type":["list","string"],"description_kind":"plain","optional":true}},"block_types":{"asn_list":{"nesting_mode":"set","block":{"attributes":{"as_numbers":{"type":["list","number"],"description_kind":"plain","optional":true}},"description_kind":"plain"}},"asn_set":{"nesting_mode":"list","block":{"attributes":{"name":{"type":"string","description_kind":"plain","optional":true},"namespace":{"type":"string","description_kind":"plain","optional":true},"tenant":{"type":"string","description_kind":"plain","optional":true}},"description_kind":"plain"}},"ip_prefix_set":{"nesting_mode":"list","block":{"attributes":{"name":{"type":"string","description_kind":"plain","optional":true},"namespace":{"type":"string","description_kind":"plain","optional":true},"tenant":{"type":"string","description_kind":"plain","optional":true}},"description_kind":"plain"}},"prefix_list":{"nesting_mode":"set","block":{"attributes":{"prefixes":{"type":["list","string"],"description_kind":"plain","optional":true}},"description_kind":"plain"}}},"description_kind":"plain"}},"deny_list":{"nesting_mode":"set","block":{"attributes":{"country_list":{"type":["list","string"],"description_kind":"plain","optional":true},"default_action_allow":{"type":"bool","description_kind":"plain","optional":true},"default_action_deny":{"type":"bool","description_kind":"plain","optional":true},"default_action_next_policy":{"type":"bool","description_kind":"plain","optional":true},"tls_fingerprint_classes":{"type":["list","string"],"description_kind":"plain","optional":true},"tls_fingerprint_values":{"type":["list","string"],"description_kind":"plain","optional":true}},"block_types":{"asn_list":{"nesting_mode":"set","block":{"attributes":{"as_numbers":{"type":["list","number"],"description_kind":"plain","optional":true}},"description_kind":"plain"}},"asn_set":{"nesting_mode":"list","block":{"attributes":{"name":{"type":"string","description_kind":"plain","optional":true},"namespace":{"type":"string","description_kind":"plain","optional":true},"tenant":{"type":"string","description_kind":"plain","optional":true}},"description_kind":"plain"}},"ip_prefix_set":{"nesting_mode":"list","block":{"attributes":{"name":{"type":"string","description_kind":"plain","optional":true},"namespace":{"type":"string","description_kind":"plain","optional":true},"tenant":{"type":"string","description_kind":"plain","optional":true}},"description_kind":"plain"}},"prefix_list":{"nesting_mode":"set","block":{"attributes":{"prefixes":{"type":["list","string"],"description_kind":"plain","optional":true}},"description_kind":"plain"}}},"description_kind":"plain"}},"legacy_rule_list":{"nesting_mode":"set","block":{"block_types":{"rules":{"nesting_mode":"list","block":{"attributes":{"kind":{"type":"string","description_kind":"plain","computed":true},"name":{"type":"string","description_kind":"plain","optional":true},"namespace":{"type":"string","description_kind":"plain","optional":true},"tenant":{"type":"string","description_kind":"plain","optional":true}},"description_kind":"plain"}}},"description_kind":"plain"}},"port_matcher":{"nesting_mode":"set","block":{"attributes":{"invert_matcher":{"type":"bool","description_kind":"plain","optional":true},"ports":{"type":["list","string"],"description_kind":"plain","required":true}},"description_kind":"plain"}},"rule_list":{"nesting_mode":"set","block":{"block_types":{"rules":{"nesting_mode":"list","block":{"block_types":{"metadata":{"nesting_mode":"set","block":{"attributes":{"description":{"type":"string","description_kind":"plain","optional":true},"disable":{"type":"bool","description_kind":"plain","optional":true},"name":{"type":"string","description_kind":"plain","optional":true}},"description_kind":"plain"}},"spec":{"nesting_mode":"set","block":{"attributes":{"action":{"type":"string","description_kind":"plain","optional":true},"any_asn":{"type":"bool","description_kind":"plain","optional":true},"any_client":{"type":"bool","description_kind":"plain","optional":true},"any_dst_asn":{"type":"bool","description_kind":"plain","optional":true},"any_dst_ip":{"type":"bool","description_kind":"plain","optional":true},"any_ip":{"type":"bool","description_kind":"plain","optional":true},"challenge_action":{"type":"string","description_kind":"plain","optional":true},"client_name":{"type":"string","description_kind":"plain","optional":true},"expiration_timestamp":{"type":"string","description_kind":"plain","optional":true},"scheme":{"type":["list","string"],"description_kind":"plain","optional":true}},"block_types":{"api_group_matcher":{"nesting_mode":"set","block":{"attributes":{"invert_matcher":{"type":"bool","description_kind":"plain","optional":true},"match":{"type":["list","string"],"description_kind":"plain","required":true}},"description_kind":"plain"}},"arg_matchers":{"nesting_mode":"list","block":{"attributes":{"check_not_present":{"type":"bool","description_kind":"plain","optional":true},"check_present":{"type":"bool","description_kind":"plain","optional":true},"invert_matcher":{"type":"bool","description_kind":"plain","optional":true},"name":{"type":"string","description_kind":"plain","optional":true},"presence":{"type":"bool","description_kind":"plain","optional":true}},"block_types":{"item":{"nesting_mode":"set","block":{"attributes":{"exact_values":{"type":["list","string"],"description_kind":"plain","optional":true},"regex_values":{"type":["list","string"],"description_kind":"plain","optional":true},"transformers":{"type":["list","string"],"description_kind":"plain","optional":true}},"description_kind":"plain"}}},"description_kind":"plain"}},"asn_list":{"nesting_mode":"set","block":{"attributes":{"as_numbers":{"type":["list","number"],"description_kind":"plain","optional":true}},"description_kind":"plain"}},"asn_matcher":{"nesting_mode":"set","block":{"block_types":{"asn_sets":{"nesting_mode":"list","block":{"attributes":{"kind":{"type":"string","description_kind":"plain","computed":true},"name":{"type":"string","description_kind":"plain","optional":true},"namespace":{"type":"string","description_kind":"plain","optional":true},"tenant":{"type":"string","description_kind":"plain","optional":true}},"description_kind":"plain"}}},"description_kind":"plain"}},"body_matcher":{"nesting_mode":"set","block":{"attributes":{"exact_values":{"type":["list","string"],"description_kind":"plain","optional":true},"regex_values":{"type":["list","string"],"description_kind":"plain","optional":true},"transformers":{"type":["list","string"],"description_kind":"plain","optional":true}},"description_kind":"plain"}},"client_name_matcher":{"nesting_mode":"set","block":{"attributes":{"exact_values":{"type":["list","string"],"description_kind":"plain","optional":true},"regex_values":{"type":["list","string"],"description_kind":"plain","optional":true},"transformers":{"type":["list","string"],"description_kind":"plain","optional":true}},"description_kind":"plain"}},"client_role":{"nesting_mode":"set","block":{"attributes":{"match":{"type":"string","description_kind":"plain","optional":true}},"description_kind":"plain"}},"client_selector":{"nesting_mode":"set","block":{"attributes":{"expressions":{"type":["list","string"],"description_kind":"plain","required":true}},"description_kind":"plain"}},"cookie_matchers":{"nesting_mode":"list","block":{"attributes":{"check_not_present":{"type":"bool","description_kind":"plain","optional":true},"check_present":{"type":"bool","description_kind":"plain","optional":true},"invert_matcher":{"type":"bool","description_kind":"plain","optional":true},"name":{"type":"string","description_kind":"plain","optional":true},"presence":{"type":"bool","description_kind":"plain","optional":true}},"block_types":{"item":{"nesting_mode":"set","block":{"attributes":{"exact_values":{"type":["list","string"],"description_kind":"plain","optional":true},"regex_values":{"type":["list","string"],"description_kind":"plain","optional":true},"transformers":{"type":["list","string"],"description_kind":"plain","optional":true}},"description_kind":"plain"}}},"description_kind":"plain"}},"domain_matcher":{"nesting_mode":"set","block":{"attributes":{"exact_values":{"type":["list","string"],"description_kind":"plain","optional":true},"regex_values":{"type":["list","string"],"description_kind":"plain","optional":true},"transformers":{"type":["list","string"],"description_kind":"plain","optional":true}},"description_kind":"plain"}},"dst_asn_list":{"nesting_mode":"set","block":{"attributes":{"as_numbers":{"type":["list","number"],"description_kind":"plain","optional":true}},"description_kind":"plain"}},"dst_asn_matcher":{"nesting_mode":"set","block":{"block_types":{"asn_sets":{"nesting_mode":"list","block":{"attributes":{"kind":{"type":"string","description_kind":"plain","computed":true},"name":{"type":"string","description_kind":"plain","optional":true},"namespace":{"type":"string","description_kind":"plain","optional":true},"tenant":{"type":"string","description_kind":"plain","optional":true}},"description_kind":"plain"}}},"description_kind":"plain"}},"dst_ip_matcher":{"nesting_mode":"set","block":{"attributes":{"invert_matcher":{"type":"bool","description_kind":"plain","optional":true}},"block_types":{"prefix_sets":{"nesting_mode":"list","block":{"attributes":{"kind":{"type":"string","description_kind":"plain","computed":true},"name":{"type":"string","description_kind":"plain","optional":true},"namespace":{"type":"string","description_kind":"plain","optional":true},"tenant":{"type":"string","description_kind":"plain","optional":true}},"description_kind":"plain"}}},"description_kind":"plain"}},"dst_ip_prefix_list":{"nesting_mode":"set","block":{"attributes":{"invert_match":{"type":"bool","description_kind":"plain","optional":true},"ip_prefixes":{"type":["list","string"],"description_kind":"plain","required":true}},"description_kind":"plain"}},"forwarding_class":{"nesting_mode":"list","block":{"attributes":{"kind":{"type":"string","description_kind":"plain","computed":true},"name":{"type":"string","description_kind":"plain","optional":true},"namespace":{"type":"string","description_kind":"plain","optional":true},"tenant":{"type":"string","description_kind":"plain","optional":true}},"description_kind":"plain"}},"goto_policy":{"nesting_mode":"list","block":{"attributes":{"kind":{"type":"string","description_kind":"plain","computed":true},"name":{"type":"string","description_kind":"plain","optional":true},"namespace":{"type":"string","description_kind":"plain","optional":true},"tenant":{"type":"string","description_kind":"plain","optional":true}},"description_kind":"plain"}},"headers":{"nesting_mode":"list","block":{"attributes":{"check_not_present":{"type":"bool","description_kind":"plain","optional":true},"check_present":{"type":"bool","description_kind":"plain","optional":true},"invert_matcher":{"type":"bool","description_kind":"plain","optional":true},"name":{"type":"string","description_kind":"plain","optional":true},"presence":{"type":"bool","description_kind":"plain","optional":true}},"block_types":{"item":{"nesting_mode":"set","block":{"attributes":{"exact_values":{"type":["list","string"],"description_kind":"plain","optional":true},"regex_values":{"type":["list","string"],"description_kind":"plain","optional":true},"transformers":{"type":["list","string"],"description_kind":"plain","optional":true}},"description_kind":"plain"}}},"description_kind":"plain"}},"http_method":{"nesting_mode":"set","block":{"attributes":{"invert_matcher":{"type":"bool","description_kind":"plain","optional":true},"methods":{"type":["list","string"],"description_kind":"plain","optional":true}},"description_kind":"plain"}},"ip_matcher":{"nesting_mode":"set","block":{"attributes":{"invert_matcher":{"type":"bool","description_kind":"plain","optional":true}},"block_types":{"prefix_sets":{"nesting_mode":"list","block":{"attributes":{"kind":{"type":"string","description_kind":"plain","computed":true},"name":{"type":"string","description_kind":"plain","optional":true},"namespace":{"type":"string","description_kind":"plain","optional":true},"tenant":{"type":"string","description_kind":"plain","optional":true}},"description_kind":"plain"}}},"description_kind":"plain"}},"ip_prefix_list":{"nesting_mode":"set","block":{"attributes":{"invert_match":{"type":"bool","description_kind":"plain","optional":true},"ip_prefixes":{"type":["list","string"],"description_kind":"plain","required":true}},"description_kind":"plain"}},"l4_dest_matcher":{"nesting_mode":"set","block":{"attributes":{"invert_matcher":{"type":"bool","description_kind":"plain","optional":true}},"block_types":{"l4_dests":{"nesting_mode":"list","block":{"attributes":{"port_ranges":{"type":"string","description_kind":"plain","optional":true},"prefixes":{"type":["list","string"],"description_kind":"plain","required":true}},"description_kind":"plain"}}},"description_kind":"plain"}},"label_matcher":{"nesting_mode":"set","block":{"attributes":{"keys":{"type":["list","string"],"description_kind":"plain","optional":true}},"description_kind":"plain"}},"malicious_user_mitigation_bypass":{"nesting_mode":"set","block":{"description_kind":"plain"}},"path":{"nesting_mode":"set","block":{"attributes":{"exact_values":{"type":["list","string"],"description_kind":"plain","optional":true},"prefix_values":{"type":["list","string"],"description_kind":"plain","optional":true},"regex_values":{"type":["list","string"],"description_kind":"plain","optional":true},"transformers":{"type":["list","string"],"description_kind":"plain","optional":true}},"description_kind":"plain"}},"port_matcher":{"nesting_mode":"set","block":{"attributes":{"invert_matcher":{"type":"bool","description_kind":"plain","optional":true},"ports":{"type":["list","string"],"description_kind":"plain","required":true}},"description_kind":"plain"}},"query_params":{"nesting_mode":"list","block":{"attributes":{"check_not_present":{"type":"bool","description_kind":"plain","optional":true},"check_present":{"type":"bool","description_kind":"plain","optional":true},"invert_matcher":{"type":"bool","description_kind":"plain","optional":true},"key":{"type":"string","description_kind":"plain","optional":true},"presence":{"type":"bool","description_kind":"plain","optional":true}},"block_types":{"item":{"nesting_mode":"set","block":{"attributes":{"exact_values":{"type":["list","string"],"description_kind":"plain","optional":true},"regex_values":{"type":["list","string"],"description_kind":"plain","optional":true},"transformers":{"type":["list","string"],"description_kind":"plain","optional":true}},"description_kind":"plain"}}},"description_kind":"plain"}},"rate_limiter":{"nesting_mode":"list","block":{"attributes":{"kind":{"type":"string","description_kind":"plain","computed":true},"name":{"type":"string","description_kind":"plain","optional":true},"namespace":{"type":"string","description_kind":"plain","optional":true},"tenant":{"type":"string","description_kind":"plain","optional":true}},"description_kind":"plain"}},"server_selector":{"nesting_mode":"set","block":{"attributes":{"expressions":{"type":["list","string"],"description_kind":"plain","required":true}},"description_kind":"plain"}},"tls_fingerprint_matcher":{"nesting_mode":"set","block":{"attributes":{"classes":{"type":["list","string"],"description_kind":"plain","optional":true},"exact_values":{"type":["list","string"],"description_kind":"plain","optional":true},"excluded_values":{"type":["list","string"],"description_kind":"plain","optional":true}},"description_kind":"plain"}},"url_matcher":{"nesting_mode":"set","block":{"attributes":{"invert_matcher":{"type":"bool","description_kind":"plain","optional":true}},"block_types":{"url_items":{"nesting_mode":"list","block":{"attributes":{"domain_regex":{"type":"string","description_kind":"plain","optional":true},"domain_value":{"type":"string","description_kind":"plain","optional":true},"path_prefix":{"type":"string","description_kind":"plain","optional":true},"path_regex":{"type":"string","description_kind":"plain","optional":true},"path_value":{"type":"string","description_kind":"plain","optional":true}},"description_kind":"plain"}}},"description_kind":"plain"}},"virtual_host_matcher":{"nesting_mode":"set","block":{"attributes":{"exact_values":{"type":["list","string"],"description_kind":"plain","optional":true},"regex_values":{"type":["list","string"],"description_kind":"plain","optional":true},"transformers":{"type":["list","string"],"description_kind":"plain","optional":true}},"description_kind":"plain"}},"waf_action":{"nesting_mode":"set","block":{"attributes":{"none":{"type":"bool","description_kind":"plain","optional":true},"waf_in_monitoring_mode":{"type":"bool","description_kind":"plain","optional":true},"waf_skip_processing":{"type":"bool","description_kind":"plain","optional":true}},"block_types":{"waf_inline_rule_control":{"nesting_mode":"set","block":{"attributes":{"exclude_rule_ids":{"type":["list","string"],"description_kind":"plain","optional":true},"monitoring_mode":{"type":"bool","description_kind":"plain","optional":true}},"description_kind":"plain"}},"waf_rule_control":{"nesting_mode":"set","block":{"attributes":{"monitoring_mode":{"type":"bool","description_kind":"plain","optional":true}},"block_types":{"exclude_rule_ids":{"nesting_mode":"list","block":{"attributes":{"kind":{"type":"string","description_kind":"plain","computed":true},"name":{"type":"string","description_kind":"plain","optional":true},"namespace":{"type":"string","description_kind":"plain","optional":true},"tenant":{"type":"string","description_kind":"plain","optional":true}},"description_kind":"plain"}}},"description_kind":"plain"}}},"description_kind":"plain"}}},"description_kind":"plain"}}},"description_kind":"plain"}}},"description_kind":"plain"}},"server_name_matcher":{"nesting_mode":"set","block":{"attributes":{"exact_values":{"type":["list","string"],"description_kind":"plain","optional":true},"regex_values":{"type":["list","string"],"description_kind":"plain","optional":true}},"description_kind":"plain"}},"server_selector":{"nesting_mode":"set","block":{"attributes":{"expressions":{"type":["list","string"],"description_kind":"plain","required":true}},"description_kind":"plain"}}},"description_kind":"plain"}},"volterra_service_policy_rule":{"version":0,"block":{"attributes":{"action":{"type":"string","description_kind":"plain","required":true},"annotations":{"type":["map","string"],"description_kind":"plain","optional":true},"any_asn":{"type":"bool","description_kind":"plain","optional":true},"any_client":{"type":"bool","description_kind":"plain","optional":true},"any_dst_asn":{"type":"bool","description_kind":"plain","optional":true},"any_dst_ip":{"type":"bool","description_kind":"plain","optional":true},"any_ip":{"type":"bool","description_kind":"plain","optional":true},"challenge_action":{"type":"string","description_kind":"plain","required":true},"client_name":{"type":"string","description_kind":"plain","optional":true},"description":{"type":"string","description_kind":"plain","optional":true},"disable":{"type":"bool","description_kind":"plain","optional":true},"expiration_timestamp":{"type":"string","description_kind":"plain","optional":true},"id":{"type":"string","description_kind":"plain","optional":true,"computed":true},"labels":{"type":["map","string"],"description_kind":"plain","optional":true},"malicious_user_mitigation_bypass":{"type":"bool","description_kind":"plain","optional":true},"name":{"type":"string","description_kind":"plain","required":true},"namespace":{"type":"string","description_kind":"plain","required":true},"scheme":{"type":["list","string"],"description_kind":"plain","optional":true}},"block_types":{"api_group_matcher":{"nesting_mode":"set","block":{"attributes":{"invert_matcher":{"type":"bool","description_kind":"plain","optional":true},"match":{"type":["list","string"],"description_kind":"plain","required":true}},"description_kind":"plain"}},"arg_matchers":{"nesting_mode":"list","block":{"attributes":{"check_not_present":{"type":"bool","description_kind":"plain","optional":true},"check_present":{"type":"bool","description_kind":"plain","optional":true},"invert_matcher":{"type":"bool","description_kind":"plain","optional":true},"name":{"type":"string","description_kind":"plain","optional":true},"presence":{"type":"bool","description_kind":"plain","optional":true}},"block_types":{"item":{"nesting_mode":"set","block":{"attributes":{"exact_values":{"type":["list","string"],"description_kind":"plain","optional":true},"regex_values":{"type":["list","string"],"description_kind":"plain","optional":true},"transformers":{"type":["list","string"],"description_kind":"plain","optional":true}},"description_kind":"plain"}}},"description_kind":"plain"}},"asn_list":{"nesting_mode":"set","block":{"attributes":{"as_numbers":{"type":["list","number"],"description_kind":"plain","required":true}},"description_kind":"plain"}},"asn_matcher":{"nesting_mode":"set","block":{"block_types":{"asn_sets":{"nesting_mode":"list","block":{"attributes":{"kind":{"type":"string","description_kind":"plain","computed":true},"name":{"type":"string","description_kind":"plain","optional":true},"namespace":{"type":"string","description_kind":"plain","optional":true},"tenant":{"type":"string","description_kind":"plain","optional":true}},"description_kind":"plain"}}},"description_kind":"plain"}},"body_matcher":{"nesting_mode":"set","block":{"attributes":{"exact_values":{"type":["list","string"],"description_kind":"plain","optional":true},"regex_values":{"type":["list","string"],"description_kind":"plain","optional":true},"transformers":{"type":["list","string"],"description_kind":"plain","optional":true}},"description_kind":"plain"}},"client_name_matcher":{"nesting_mode":"set","block":{"attributes":{"exact_values":{"type":["list","string"],"description_kind":"plain","optional":true},"regex_values":{"type":["list","string"],"description_kind":"plain","optional":true}},"description_kind":"plain"}},"client_role":{"nesting_mode":"set","block":{"attributes":{"match":{"type":"string","description_kind":"plain","optional":true}},"description_kind":"plain"}},"client_selector":{"nesting_mode":"set","block":{"attributes":{"expressions":{"type":["list","string"],"description_kind":"plain","required":true}},"description_kind":"plain"}},"cookie_matchers":{"nesting_mode":"list","block":{"attributes":{"check_not_present":{"type":"bool","description_kind":"plain","optional":true},"check_present":{"type":"bool","description_kind":"plain","optional":true},"invert_matcher":{"type":"bool","description_kind":"plain","optional":true},"name":{"type":"string","description_kind":"plain","optional":true},"presence":{"type":"bool","description_kind":"plain","optional":true}},"block_types":{"item":{"nesting_mode":"set","block":{"attributes":{"exact_values":{"type":["list","string"],"description_kind":"plain","optional":true},"regex_values":{"type":["list","string"],"description_kind":"plain","optional":true},"transformers":{"type":["list","string"],"description_kind":"plain","optional":true}},"description_kind":"plain"}}},"description_kind":"plain"}},"domain_matcher":{"nesting_mode":"set","block":{"attributes":{"exact_values":{"type":["list","string"],"description_kind":"plain","optional":true},"regex_values":{"type":["list","string"],"description_kind":"plain","optional":true}},"description_kind":"plain"}},"dst_asn_list":{"nesting_mode":"set","block":{"attributes":{"as_numbers":{"type":["list","number"],"description_kind":"plain","required":true}},"description_kind":"plain"}},"dst_asn_matcher":{"nesting_mode":"set","block":{"block_types":{"asn_sets":{"nesting_mode":"list","block":{"attributes":{"kind":{"type":"string","description_kind":"plain","computed":true},"name":{"type":"string","description_kind":"plain","optional":true},"namespace":{"type":"string","description_kind":"plain","optional":true},"tenant":{"type":"string","description_kind":"plain","optional":true}},"description_kind":"plain"}}},"description_kind":"plain"}},"dst_ip_matcher":{"nesting_mode":"set","block":{"attributes":{"invert_matcher":{"type":"bool","description_kind":"plain","optional":true}},"block_types":{"prefix_sets":{"nesting_mode":"list","block":{"attributes":{"kind":{"type":"string","description_kind":"plain","computed":true},"name":{"type":"string","description_kind":"plain","optional":true},"namespace":{"type":"string","description_kind":"plain","optional":true},"tenant":{"type":"string","description_kind":"plain","optional":true}},"description_kind":"plain"}}},"description_kind":"plain"}},"dst_ip_prefix_list":{"nesting_mode":"set","block":{"attributes":{"invert_match":{"type":"bool","description_kind":"plain","optional":true},"ip_prefixes":{"type":["list","string"],"description_kind":"plain","required":true}},"description_kind":"plain"}},"goto_policy":{"nesting_mode":"list","block":{"attributes":{"kind":{"type":"string","description_kind":"plain","computed":true},"name":{"type":"string","description_kind":"plain","optional":true},"namespace":{"type":"string","description_kind":"plain","optional":true},"tenant":{"type":"string","description_kind":"plain","optional":true}},"description_kind":"plain"}},"headers":{"nesting_mode":"list","block":{"attributes":{"check_not_present":{"type":"bool","description_kind":"plain","optional":true},"check_present":{"type":"bool","description_kind":"plain","optional":true},"invert_matcher":{"type":"bool","description_kind":"plain","optional":true},"name":{"type":"string","description_kind":"plain","optional":true},"presence":{"type":"bool","description_kind":"plain","optional":true}},"block_types":{"item":{"nesting_mode":"set","block":{"attributes":{"exact_values":{"type":["list","string"],"description_kind":"plain","optional":true},"regex_values":{"type":["list","string"],"description_kind":"plain","optional":true},"transformers":{"type":["list","string"],"description_kind":"plain","optional":true}},"description_kind":"plain"}}},"description_kind":"plain"}},"http_method":{"nesting_mode":"set","block":{"attributes":{"invert_matcher":{"type":"bool","description_kind":"plain","optional":true},"methods":{"type":["list","string"],"description_kind":"plain","optional":true}},"description_kind":"plain"}},"ip_matcher":{"nesting_mode":"set","block":{"attributes":{"invert_matcher":{"type":"bool","description_kind":"plain","optional":true}},"block_types":{"prefix_sets":{"nesting_mode":"list","block":{"attributes":{"kind":{"type":"string","description_kind":"plain","computed":true},"name":{"type":"string","description_kind":"plain","optional":true},"namespace":{"type":"string","description_kind":"plain","optional":true},"tenant":{"type":"string","description_kind":"plain","optional":true}},"description_kind":"plain"}}},"description_kind":"plain"}},"ip_prefix_list":{"nesting_mode":"set","block":{"attributes":{"invert_match":{"type":"bool","description_kind":"plain","optional":true},"ip_prefixes":{"type":["list","string"],"description_kind":"plain","required":true}},"description_kind":"plain"}},"l4_dest_matcher":{"nesting_mode":"set","block":{"attributes":{"invert_matcher":{"type":"bool","description_kind":"plain","optional":true}},"block_types":{"l4_dests":{"nesting_mode":"list","block":{"attributes":{"port_ranges":{"type":"string","description_kind":"plain","optional":true},"prefixes":{"type":["list","string"],"description_kind":"plain","required":true}},"description_kind":"plain"}}},"description_kind":"plain"}},"label_matcher":{"nesting_mode":"set","block":{"attributes":{"keys":{"type":["list","string"],"description_kind":"plain","optional":true}},"description_kind":"plain"}},"path":{"nesting_mode":"set","block":{"attributes":{"exact_values":{"type":["list","string"],"description_kind":"plain","optional":true},"prefix_values":{"type":["list","string"],"description_kind":"plain","optional":true},"regex_values":{"type":["list","string"],"description_kind":"plain","optional":true},"transformers":{"type":["list","string"],"description_kind":"plain","optional":true}},"description_kind":"plain"}},"port_matcher":{"nesting_mode":"set","block":{"attributes":{"invert_matcher":{"type":"bool","description_kind":"plain","optional":true},"ports":{"type":["list","string"],"description_kind":"plain","required":true}},"description_kind":"plain"}},"query_params":{"nesting_mode":"list","block":{"attributes":{"check_not_present":{"type":"bool","description_kind":"plain","optional":true},"check_present":{"type":"bool","description_kind":"plain","optional":true},"invert_matcher":{"type":"bool","description_kind":"plain","optional":true},"key":{"type":"string","description_kind":"plain","optional":true},"presence":{"type":"bool","description_kind":"plain","optional":true}},"block_types":{"item":{"nesting_mode":"set","block":{"attributes":{"exact_values":{"type":["list","string"],"description_kind":"plain","optional":true},"regex_values":{"type":["list","string"],"description_kind":"plain","optional":true},"transformers":{"type":["list","string"],"description_kind":"plain","optional":true}},"description_kind":"plain"}}},"description_kind":"plain"}},"rate_limiter":{"nesting_mode":"list","block":{"attributes":{"kind":{"type":"string","description_kind":"plain","computed":true},"name":{"type":"string","description_kind":"plain","optional":true},"namespace":{"type":"string","description_kind":"plain","optional":true},"tenant":{"type":"string","description_kind":"plain","optional":true}},"description_kind":"plain"}},"server_selector":{"nesting_mode":"set","block":{"attributes":{"expressions":{"type":["list","string"],"description_kind":"plain","required":true}},"description_kind":"plain"}},"tls_fingerprint_matcher":{"nesting_mode":"set","block":{"attributes":{"classes":{"type":["list","string"],"description_kind":"plain","optional":true},"exact_values":{"type":["list","string"],"description_kind":"plain","optional":true},"excluded_values":{"type":["list","string"],"description_kind":"plain","optional":true}},"description_kind":"plain"}},"url_matcher":{"nesting_mode":"set","block":{"attributes":{"invert_matcher":{"type":"bool","description_kind":"plain","optional":true}},"block_types":{"url_items":{"nesting_mode":"list","block":{"attributes":{"domain_regex":{"type":"string","description_kind":"plain","optional":true},"domain_value":{"type":"string","description_kind":"plain","optional":true},"path_prefix":{"type":"string","description_kind":"plain","optional":true},"path_regex":{"type":"string","description_kind":"plain","optional":true},"path_value":{"type":"string","description_kind":"plain","optional":true}},"description_kind":"plain"}}},"description_kind":"plain"}},"virtual_host_matcher":{"nesting_mode":"set","block":{"attributes":{"exact_values":{"type":["list","string"],"description_kind":"plain","optional":true},"regex_values":{"type":["list","string"],"description_kind":"plain","optional":true}},"description_kind":"plain"}},"waf_action":{"nesting_mode":"set","block":{"attributes":{"none":{"type":"bool","description_kind":"plain","optional":true},"waf_in_monitoring_mode":{"type":"bool","description_kind":"plain","optional":true},"waf_skip_processing":{"type":"bool","description_kind":"plain","optional":true}},"block_types":{"waf_inline_rule_control":{"nesting_mode":"set","block":{"attributes":{"exclude_rule_ids":{"type":["list","string"],"description_kind":"plain","optional":true},"monitoring_mode":{"type":"bool","description_kind":"plain","optional":true}},"description_kind":"plain"}},"waf_rule_control":{"nesting_mode":"set","block":{"attributes":{"monitoring_mode":{"type":"bool","description_kind":"plain","optional":true}},"block_types":{"exclude_rule_ids":{"nesting_mode":"list","block":{"attributes":{"kind":{"type":"string","description_kind":"plain","computed":true},"name":{"type":"string","description_kind":"plain","optional":true},"namespace":{"type":"string","description_kind":"plain","optional":true},"tenant":{"type":"string","description_kind":"plain","optional":true}},"description_kind":"plain"}}},"description_kind":"plain"}}},"description_kind":"plain"}}},"description_kind":"plain"}},"volterra_site_set_vip_info":{"version":0,"block":{"attributes":{"id":{"type":"string","description_kind":"plain","optional":true,"computed":true},"name":{"type":"string","description_kind":"plain","required":true},"namespace":{"type":"string","description_kind":"plain","required":true},"site_type":{"type":"string","description_kind":"plain","required":true}},"block_types":{"vip_params_per_az":{"nesting_mode":"list","block":{"attributes":{"az_name":{"type":"string","description_kind":"plain","optional":true},"inside_vip":{"type":["list","string"],"description_kind":"plain","optional":true},"inside_vip_cname":{"type":"string","description_kind":"plain","optional":true},"outside_vip":{"type":["list","string"],"description_kind":"plain","required":true},"outside_vip_cname":{"type":"string","description_kind":"plain","optional":true}},"description_kind":"plain"},"min_items":1}},"description_kind":"plain"}},"volterra_site_state":{"version":0,"block":{"attributes":{"id":{"type":"string","description_kind":"plain","optional":true,"computed":true},"name":{"type":"string","description_kind":"plain","required":true},"retry":{"type":"number","description_kind":"plain","optional":true},"state":{"type":"string","description_kind":"plain","required":true},"wait_time":{"type":"number","description_kind":"plain","optional":true},"when":{"type":"string","description_kind":"plain","required":true}},"description_kind":"plain"}},"volterra_tcp_loadbalancer":{"version":0,"block":{"attributes":{"advertise_on_public_default_vip":{"type":"bool","description_kind":"plain","optional":true},"annotations":{"type":["map","string"],"description_kind":"plain","optional":true},"description":{"type":"string","description_kind":"plain","optional":true},"disable":{"type":"bool","description_kind":"plain","optional":true},"dns_volterra_managed":{"type":"bool","description_kind":"plain","optional":true},"do_not_advertise":{"type":"bool","description_kind":"plain","optional":true},"do_not_retract_cluster":{"type":"bool","description_kind":"plain","optional":true},"domains":{"type":["list","string"],"description_kind":"plain","optional":true},"hash_policy_choice_least_active":{"type":"bool","description_kind":"plain","optional":true},"hash_policy_choice_random":{"type":"bool","description_kind":"plain","optional":true},"hash_policy_choice_round_robin":{"type":"bool","description_kind":"plain","optional":true},"hash_policy_choice_source_ip_stickiness":{"type":"bool","description_kind":"plain","optional":true},"id":{"type":"string","description_kind":"plain","optional":true,"computed":true},"idle_timeout":{"type":"number","description_kind":"plain","optional":true},"labels":{"type":["map","string"],"description_kind":"plain","optional":true},"listen_port":{"type":"number","description_kind":"plain","optional":true},"name":{"type":"string","description_kind":"plain","required":true},"namespace":{"type":"string","description_kind":"plain","required":true},"retract_cluster":{"type":"bool","description_kind":"plain","optional":true},"with_sni":{"type":"bool","description_kind":"plain","optional":true}},"block_types":{"advertise_custom":{"nesting_mode":"set","block":{"block_types":{"advertise_where":{"nesting_mode":"list","block":{"attributes":{"port":{"type":"number","description_kind":"plain","optional":true},"use_default_port":{"type":"bool","description_kind":"plain","optional":true}},"block_types":{"site":{"nesting_mode":"set","block":{"attributes":{"ip":{"type":"string","description_kind":"plain","optional":true},"network":{"type":"string","description_kind":"plain","optional":true}},"block_types":{"site":{"nesting_mode":"set","block":{"attributes":{"kind":{"type":"string","description_kind":"plain","computed":true},"name":{"type":"string","description_kind":"plain","optional":true},"namespace":{"type":"string","description_kind":"plain","optional":true},"tenant":{"type":"string","description_kind":"plain","optional":true}},"description_kind":"plain"}}},"description_kind":"plain"}},"virtual_network":{"nesting_mode":"set","block":{"attributes":{"default_vip":{"type":"bool","description_kind":"plain","optional":true},"specific_vip":{"type":"string","description_kind":"plain","optional":true}},"block_types":{"virtual_network":{"nesting_mode":"set","block":{"attributes":{"kind":{"type":"string","description_kind":"plain","computed":true},"name":{"type":"string","description_kind":"plain","optional":true},"namespace":{"type":"string","description_kind":"plain","optional":true},"tenant":{"type":"string","description_kind":"plain","optional":true}},"description_kind":"plain"}}},"description_kind":"plain"}},"virtual_site":{"nesting_mode":"set","block":{"attributes":{"network":{"type":"string","description_kind":"plain","optional":true}},"block_types":{"virtual_site":{"nesting_mode":"set","block":{"attributes":{"kind":{"type":"string","description_kind":"plain","computed":true},"name":{"type":"string","description_kind":"plain","optional":true},"namespace":{"type":"string","description_kind":"plain","optional":true},"tenant":{"type":"string","description_kind":"plain","optional":true}},"description_kind":"plain"}}},"description_kind":"plain"}},"vk8s_service":{"nesting_mode":"set","block":{"block_types":{"site":{"nesting_mode":"set","block":{"attributes":{"kind":{"type":"string","description_kind":"plain","computed":true},"name":{"type":"string","description_kind":"plain","optional":true},"namespace":{"type":"string","description_kind":"plain","optional":true},"tenant":{"type":"string","description_kind":"plain","optional":true}},"description_kind":"plain"}},"virtual_site":{"nesting_mode":"set","block":{"attributes":{"kind":{"type":"string","description_kind":"plain","computed":true},"name":{"type":"string","description_kind":"plain","optional":true},"namespace":{"type":"string","description_kind":"plain","optional":true},"tenant":{"type":"string","description_kind":"plain","optional":true}},"description_kind":"plain"}}},"description_kind":"plain"}}},"description_kind":"plain"}}},"description_kind":"plain"}},"advertise_on_public":{"nesting_mode":"set","block":{"block_types":{"public_ip":{"nesting_mode":"set","block":{"attributes":{"kind":{"type":"string","description_kind":"plain","computed":true},"name":{"type":"string","description_kind":"plain","optional":true},"namespace":{"type":"string","description_kind":"plain","optional":true},"tenant":{"type":"string","description_kind":"plain","optional":true}},"description_kind":"plain"}}},"description_kind":"plain"}},"origin_pools_weights":{"nesting_mode":"list","block":{"attributes":{"endpoint_subsets":{"type":["map","string"],"description_kind":"plain","optional":true},"weight":{"type":"number","description_kind":"plain","optional":true}},"block_types":{"cluster":{"nesting_mode":"set","block":{"attributes":{"kind":{"type":"string","description_kind":"plain","computed":true},"name":{"type":"string","description_kind":"plain","optional":true},"namespace":{"type":"string","description_kind":"plain","optional":true},"tenant":{"type":"string","description_kind":"plain","optional":true}},"description_kind":"plain"}},"pool":{"nesting_mode":"set","block":{"attributes":{"kind":{"type":"string","description_kind":"plain","computed":true},"name":{"type":"string","description_kind":"plain","optional":true},"namespace":{"type":"string","description_kind":"plain","optional":true},"tenant":{"type":"string","description_kind":"plain","optional":true}},"description_kind":"plain"}}},"description_kind":"plain"}}},"description_kind":"plain"}},"volterra_tf_params_action":{"version":0,"block":{"attributes":{"action":{"type":"string","description_kind":"plain","required":true},"id":{"type":"string","description_kind":"plain","optional":true,"computed":true},"ignore_on_update":{"type":"bool","description_kind":"plain","optional":true},"site_kind":{"type":"string","description_kind":"plain","required":true},"site_name":{"type":"string","description_kind":"plain","required":true},"tf_output":{"type":"string","description_kind":"plain","computed":true},"wait_for_action":{"type":"bool","description_kind":"plain","optional":true}},"description_kind":"plain"}},"volterra_tgw_info":{"version":0,"block":{"attributes":{"id":{"type":"string","description_kind":"plain","optional":true,"computed":true},"name":{"type":"string","description_kind":"plain","required":true},"tgw_id":{"type":"string","description_kind":"plain","required":true},"vpc_id":{"type":"string","description_kind":"plain","required":true}},"description_kind":"plain"}},"volterra_tgw_vpc_ip_prefixes":{"version":0,"block":{"attributes":{"id":{"type":"string","description_kind":"plain","optional":true,"computed":true},"name":{"type":"string","description_kind":"plain","required":true},"namespace":{"type":"string","description_kind":"plain","required":true}},"block_types":{"vpc_ip_prefixes":{"nesting_mode":"list","block":{"attributes":{"name":{"type":"string","description_kind":"plain","required":true},"value":{"type":["list","string"],"description_kind":"plain","required":true}},"description_kind":"plain"},"min_items":1}},"description_kind":"plain"}},"volterra_tgw_vpn_tunnels":{"version":0,"block":{"attributes":{"id":{"type":"string","description_kind":"plain","optional":true,"computed":true},"name":{"type":"string","description_kind":"plain","required":true},"namespace":{"type":"string","description_kind":"plain","required":true}},"block_types":{"vpn_tunnel_config":{"nesting_mode":"list","block":{"attributes":{"node_id":{"type":"string","description_kind":"plain","required":true},"node_name":{"type":"string","description_kind":"plain","required":true},"tunnel_remote_ips":{"type":["list","string"],"description_kind":"plain","required":true}},"description_kind":"plain"},"min_items":1}},"description_kind":"plain"}},"volterra_token":{"version":0,"block":{"attributes":{"annotations":{"type":["map","string"],"description_kind":"plain","optional":true},"created_by_tf":{"type":"bool","description_kind":"plain","computed":true},"description":{"type":"string","description_kind":"plain","optional":true},"disable":{"type":"bool","description_kind":"plain","optional":true},"id":{"type":"string","description_kind":"plain","optional":true,"computed":true},"labels":{"type":["map","string"],"description_kind":"plain","optional":true},"name":{"type":"string","description_kind":"plain","required":true},"namespace":{"type":"string","description_kind":"plain","required":true},"tenant_name":{"type":"string","description_kind":"plain","computed":true}},"description_kind":"plain"}},"volterra_usb_policy":{"version":0,"block":{"attributes":{"annotations":{"type":["map","string"],"description_kind":"plain","optional":true},"description":{"type":"string","description_kind":"plain","optional":true},"disable":{"type":"bool","description_kind":"plain","optional":true},"id":{"type":"string","description_kind":"plain","optional":true,"computed":true},"labels":{"type":["map","string"],"description_kind":"plain","optional":true},"name":{"type":"string","description_kind":"plain","required":true},"namespace":{"type":"string","description_kind":"plain","required":true}},"block_types":{"allowed_devices":{"nesting_mode":"list","block":{"attributes":{"b_device_class":{"type":"string","description_kind":"plain","optional":true},"b_device_protocol":{"type":"string","description_kind":"plain","optional":true},"b_device_sub_class":{"type":"string","description_kind":"plain","optional":true},"i_serial":{"type":"string","description_kind":"plain","optional":true},"id_product":{"type":"string","description_kind":"plain","optional":true},"id_vendor":{"type":"string","description_kind":"plain","optional":true}},"description_kind":"plain"}}},"description_kind":"plain"}},"volterra_user":{"version":0,"block":{"attributes":{"annotations":{"type":["map","string"],"description_kind":"plain","optional":true},"description":{"type":"string","description_kind":"plain","optional":true},"disable":{"type":"bool","description_kind":"plain","optional":true},"email":{"type":"string","description_kind":"plain","optional":true},"first_name":{"type":"string","description_kind":"plain","optional":true},"id":{"type":"string","description_kind":"plain","optional":true,"computed":true},"labels":{"type":["map","string"],"description_kind":"plain","optional":true},"last_name":{"type":"string","description_kind":"plain","optional":true},"locale":{"type":"string","description_kind":"plain","optional":true},"name":{"type":"string","description_kind":"plain","required":true},"namespace":{"type":"string","description_kind":"plain","required":true},"type":{"type":"string","description_kind":"plain","optional":true}},"block_types":{"contacts":{"nesting_mode":"list","block":{"attributes":{"kind":{"type":"string","description_kind":"plain","computed":true},"name":{"type":"string","description_kind":"plain","optional":true},"namespace":{"type":"string","description_kind":"plain","optional":true},"tenant":{"type":"string","description_kind":"plain","optional":true}},"description_kind":"plain"}}},"description_kind":"plain"}},"volterra_user_identification":{"version":0,"block":{"attributes":{"annotations":{"type":["map","string"],"description_kind":"plain","optional":true},"description":{"type":"string","description_kind":"plain","optional":true},"disable":{"type":"bool","description_kind":"plain","optional":true},"id":{"type":"string","description_kind":"plain","optional":true,"computed":true},"labels":{"type":["map","string"],"description_kind":"plain","optional":true},"name":{"type":"string","description_kind":"plain","required":true},"namespace":{"type":"string","description_kind":"plain","required":true}},"block_types":{"rules":{"nesting_mode":"list","block":{"attributes":{"client_asn":{"type":"bool","description_kind":"plain","optional":true},"client_ip":{"type":"bool","description_kind":"plain","optional":true},"cookie_name":{"type":"string","description_kind":"plain","optional":true},"http_header_name":{"type":"string","description_kind":"plain","optional":true},"none":{"type":"bool","description_kind":"plain","optional":true},"query_param_key":{"type":"string","description_kind":"plain","optional":true}},"description_kind":"plain"}}},"description_kind":"plain"}},"volterra_virtual_host":{"version":0,"block":{"attributes":{"add_location":{"type":"bool","description_kind":"plain","optional":true},"annotations":{"type":["map","string"],"description_kind":"plain","optional":true},"append_server_name":{"type":"string","description_kind":"plain","optional":true},"custom_errors":{"type":["map","string"],"description_kind":"plain","optional":true},"default_header":{"type":"bool","description_kind":"plain","optional":true},"description":{"type":"string","description_kind":"plain","optional":true},"disable":{"type":"bool","description_kind":"plain","optional":true},"disable_default_error_pages":{"type":"bool","description_kind":"plain","optional":true},"disable_dns_resolve":{"type":"bool","description_kind":"plain","optional":true},"domains":{"type":["list","string"],"description_kind":"plain","optional":true},"id":{"type":"string","description_kind":"plain","optional":true,"computed":true},"idle_timeout":{"type":"number","description_kind":"plain","optional":true},"labels":{"type":["map","string"],"description_kind":"plain","optional":true},"max_request_header_size":{"type":"number","description_kind":"plain","optional":true},"name":{"type":"string","description_kind":"plain","required":true},"namespace":{"type":"string","description_kind":"plain","required":true},"no_authentication":{"type":"bool","description_kind":"plain","optional":true},"no_challenge":{"type":"bool","description_kind":"plain","optional":true},"pass_through":{"type":"bool","description_kind":"plain","optional":true},"proxy":{"type":"string","description_kind":"plain","optional":true},"request_headers_to_remove":{"type":["list","string"],"description_kind":"plain","optional":true},"response_headers_to_remove":{"type":["list","string"],"description_kind":"plain","optional":true},"server_name":{"type":"string","description_kind":"plain","optional":true}},"block_types":{"advertise_policies":{"nesting_mode":"list","block":{"attributes":{"kind":{"type":"string","description_kind":"plain","computed":true},"name":{"type":"string","description_kind":"plain","optional":true},"namespace":{"type":"string","description_kind":"plain","optional":true},"tenant":{"type":"string","description_kind":"plain","optional":true}},"description_kind":"plain"}},"authentication":{"nesting_mode":"set","block":{"attributes":{"redirect_dynamic":{"type":"bool","description_kind":"plain","optional":true},"redirect_url":{"type":"string","description_kind":"plain","optional":true},"use_auth_object_config":{"type":"bool","description_kind":"plain","optional":true}},"block_types":{"auth_config":{"nesting_mode":"list","block":{"attributes":{"kind":{"type":"string","description_kind":"plain","computed":true},"name":{"type":"string","description_kind":"plain","optional":true},"namespace":{"type":"string","description_kind":"plain","optional":true},"tenant":{"type":"string","description_kind":"plain","optional":true}},"description_kind":"plain"}},"cookie_params":{"nesting_mode":"set","block":{"attributes":{"cookie_expiry":{"type":"number","description_kind":"plain","optional":true},"cookie_refresh_interval":{"type":"number","description_kind":"plain","optional":true},"session_expiry":{"type":"number","description_kind":"plain","optional":true}},"block_types":{"auth_hmac":{"nesting_mode":"set","block":{"attributes":{"prim_key_expiry":{"type":"string","description_kind":"plain","optional":true},"sec_key_expiry":{"type":"string","description_kind":"plain","optional":true}},"block_types":{"prim_key":{"nesting_mode":"set","block":{"attributes":{"secret_encoding_type":{"type":"string","description_kind":"plain","optional":true}},"block_types":{"blindfold_secret_info":{"nesting_mode":"set","block":{"attributes":{"decryption_provider":{"type":"string","description_kind":"plain","optional":true},"location":{"type":"string","description_kind":"plain","optional":true},"store_provider":{"type":"string","description_kind":"plain","optional":true}},"description_kind":"plain"}},"blindfold_secret_info_internal":{"nesting_mode":"set","block":{"attributes":{"decryption_provider":{"type":"string","description_kind":"plain","optional":true},"location":{"type":"string","description_kind":"plain","optional":true},"store_provider":{"type":"string","description_kind":"plain","optional":true}},"description_kind":"plain"}},"clear_secret_info":{"nesting_mode":"set","block":{"attributes":{"provider":{"type":"string","description_kind":"plain","optional":true},"url":{"type":"string","description_kind":"plain","optional":true}},"description_kind":"plain"}},"vault_secret_info":{"nesting_mode":"set","block":{"attributes":{"key":{"type":"string","description_kind":"plain","optional":true},"location":{"type":"string","description_kind":"plain","optional":true},"provider":{"type":"string","description_kind":"plain","optional":true},"secret_encoding":{"type":"string","description_kind":"plain","optional":true},"version":{"type":"number","description_kind":"plain","optional":true}},"description_kind":"plain"}},"wingman_secret_info":{"nesting_mode":"set","block":{"attributes":{"name":{"type":"string","description_kind":"plain","optional":true}},"description_kind":"plain"}}},"description_kind":"plain"}},"sec_key":{"nesting_mode":"set","block":{"attributes":{"secret_encoding_type":{"type":"string","description_kind":"plain","optional":true}},"block_types":{"blindfold_secret_info":{"nesting_mode":"set","block":{"attributes":{"decryption_provider":{"type":"string","description_kind":"plain","optional":true},"location":{"type":"string","description_kind":"plain","optional":true},"store_provider":{"type":"string","description_kind":"plain","optional":true}},"description_kind":"plain"}},"blindfold_secret_info_internal":{"nesting_mode":"set","block":{"attributes":{"decryption_provider":{"type":"string","description_kind":"plain","optional":true},"location":{"type":"string","description_kind":"plain","optional":true},"store_provider":{"type":"string","description_kind":"plain","optional":true}},"description_kind":"plain"}},"clear_secret_info":{"nesting_mode":"set","block":{"attributes":{"provider":{"type":"string","description_kind":"plain","optional":true},"url":{"type":"string","description_kind":"plain","optional":true}},"description_kind":"plain"}},"vault_secret_info":{"nesting_mode":"set","block":{"attributes":{"key":{"type":"string","description_kind":"plain","optional":true},"location":{"type":"string","description_kind":"plain","optional":true},"provider":{"type":"string","description_kind":"plain","optional":true},"secret_encoding":{"type":"string","description_kind":"plain","optional":true},"version":{"type":"number","description_kind":"plain","optional":true}},"description_kind":"plain"}},"wingman_secret_info":{"nesting_mode":"set","block":{"attributes":{"name":{"type":"string","description_kind":"plain","optional":true}},"description_kind":"plain"}}},"description_kind":"plain"}}},"description_kind":"plain"}},"kms_key_hmac":{"nesting_mode":"set","block":{"block_types":{"auth_hmac_kms":{"nesting_mode":"set","block":{"attributes":{"name":{"type":"string","description_kind":"plain","optional":true},"namespace":{"type":"string","description_kind":"plain","optional":true},"tenant":{"type":"string","description_kind":"plain","optional":true}},"description_kind":"plain"}}},"description_kind":"plain"}}},"description_kind":"plain"}}},"description_kind":"plain"}},"buffer_policy":{"nesting_mode":"set","block":{"attributes":{"disabled":{"type":"bool","description_kind":"plain","optional":true},"max_request_bytes":{"type":"number","description_kind":"plain","optional":true},"max_request_time":{"type":"number","description_kind":"plain","optional":true}},"description_kind":"plain"}},"captcha_challenge":{"nesting_mode":"set","block":{"attributes":{"cookie_expiry":{"type":"number","description_kind":"plain","optional":true},"custom_page":{"type":"string","description_kind":"plain","optional":true}},"description_kind":"plain"}},"compression_params":{"nesting_mode":"set","block":{"attributes":{"content_length":{"type":"number","description_kind":"plain","optional":true},"content_type":{"type":["list","string"],"description_kind":"plain","optional":true},"disable_on_etag_header":{"type":"bool","description_kind":"plain","optional":true},"remove_accept_encoding_header":{"type":"bool","description_kind":"plain","optional":true}},"description_kind":"plain"}},"cors_policy":{"nesting_mode":"set","block":{"attributes":{"allow_credentials":{"type":"bool","description_kind":"plain","optional":true},"allow_headers":{"type":"string","description_kind":"plain","optional":true},"allow_methods":{"type":"string","description_kind":"plain","optional":true},"allow_origin":{"type":["list","string"],"description_kind":"plain","optional":true},"allow_origin_regex":{"type":["list","string"],"description_kind":"plain","optional":true},"disabled":{"type":"bool","description_kind":"plain","optional":true},"expose_headers":{"type":"string","description_kind":"plain","optional":true},"max_age":{"type":"string","description_kind":"plain","optional":true},"maximum_age":{"type":"number","description_kind":"plain","optional":true}},"description_kind":"plain"}},"dynamic_reverse_proxy":{"nesting_mode":"set","block":{"attributes":{"connection_timeout":{"type":"number","description_kind":"plain","optional":true},"resolution_network_type":{"type":"string","description_kind":"plain","optional":true},"resolve_endpoint_dynamically":{"type":"bool","description_kind":"plain","optional":true}},"block_types":{"resolution_network":{"nesting_mode":"list","block":{"attributes":{"kind":{"type":"string","description_kind":"plain","computed":true},"name":{"type":"string","description_kind":"plain","optional":true},"namespace":{"type":"string","description_kind":"plain","optional":true},"tenant":{"type":"string","description_kind":"plain","optional":true}},"description_kind":"plain"}}},"description_kind":"plain"}},"js_challenge":{"nesting_mode":"set","block":{"attributes":{"cookie_expiry":{"type":"number","description_kind":"plain","optional":true},"custom_page":{"type":"string","description_kind":"plain","optional":true},"js_script_delay":{"type":"number","description_kind":"plain","optional":true}},"description_kind":"plain"}},"rate_limiter":{"nesting_mode":"list","block":{"attributes":{"kind":{"type":"string","description_kind":"plain","computed":true},"name":{"type":"string","description_kind":"plain","optional":true},"namespace":{"type":"string","description_kind":"plain","optional":true},"tenant":{"type":"string","description_kind":"plain","optional":true}},"description_kind":"plain"}},"rate_limiter_allowed_prefixes":{"nesting_mode":"list","block":{"attributes":{"kind":{"type":"string","description_kind":"plain","computed":true},"name":{"type":"string","description_kind":"plain","optional":true},"namespace":{"type":"string","description_kind":"plain","optional":true},"tenant":{"type":"string","description_kind":"plain","optional":true}},"description_kind":"plain"}},"request_headers_to_add":{"nesting_mode":"list","block":{"attributes":{"append":{"type":"bool","description_kind":"plain","optional":true},"name":{"type":"string","description_kind":"plain","optional":true},"value":{"type":"string","description_kind":"plain","optional":true}},"description_kind":"plain"}},"response_headers_to_add":{"nesting_mode":"list","block":{"attributes":{"append":{"type":"bool","description_kind":"plain","optional":true},"name":{"type":"string","description_kind":"plain","optional":true},"value":{"type":"string","description_kind":"plain","optional":true}},"description_kind":"plain"}},"retry_policy":{"nesting_mode":"set","block":{"attributes":{"num_retries":{"type":"number","description_kind":"plain","optional":true},"per_try_timeout":{"type":"number","description_kind":"plain","optional":true},"retriable_status_codes":{"type":["list","number"],"description_kind":"plain","optional":true},"retry_condition":{"type":["list","string"],"description_kind":"plain","optional":true},"retry_on":{"type":"string","description_kind":"plain","optional":true}},"block_types":{"back_off":{"nesting_mode":"set","block":{"attributes":{"base_interval":{"type":"number","description_kind":"plain","optional":true},"max_interval":{"type":"number","description_kind":"plain","optional":true}},"description_kind":"plain"}}},"description_kind":"plain"}},"routes":{"nesting_mode":"list","block":{"attributes":{"kind":{"type":"string","description_kind":"plain","computed":true},"name":{"type":"string","description_kind":"plain","optional":true},"namespace":{"type":"string","description_kind":"plain","optional":true},"tenant":{"type":"string","description_kind":"plain","optional":true}},"description_kind":"plain"}},"temporary_user_blocking":{"nesting_mode":"set","block":{"attributes":{"custom_page":{"type":"string","description_kind":"plain","optional":true}},"description_kind":"plain"}},"tls_parameters":{"nesting_mode":"set","block":{"attributes":{"require_client_certificate":{"type":"bool","description_kind":"plain","optional":true}},"block_types":{"common_params":{"nesting_mode":"set","block":{"attributes":{"cipher_suites":{"type":["list","string"],"description_kind":"plain","optional":true},"maximum_protocol_version":{"type":"string","description_kind":"plain","optional":true},"minimum_protocol_version":{"type":"string","description_kind":"plain","optional":true},"trusted_ca_url":{"type":"string","description_kind":"plain","optional":true}},"block_types":{"tls_certificates":{"nesting_mode":"list","block":{"attributes":{"certificate_url":{"type":"string","description_kind":"plain","optional":true},"description":{"type":"string","description_kind":"plain","optional":true}},"block_types":{"private_key":{"nesting_mode":"set","block":{"attributes":{"secret_encoding_type":{"type":"string","description_kind":"plain","optional":true}},"block_types":{"blindfold_secret_info":{"nesting_mode":"set","block":{"attributes":{"decryption_provider":{"type":"string","description_kind":"plain","optional":true},"location":{"type":"string","description_kind":"plain","optional":true},"store_provider":{"type":"string","description_kind":"plain","optional":true}},"description_kind":"plain"}},"blindfold_secret_info_internal":{"nesting_mode":"set","block":{"attributes":{"decryption_provider":{"type":"string","description_kind":"plain","optional":true},"location":{"type":"string","description_kind":"plain","optional":true},"store_provider":{"type":"string","description_kind":"plain","optional":true}},"description_kind":"plain"}},"clear_secret_info":{"nesting_mode":"set","block":{"attributes":{"provider":{"type":"string","description_kind":"plain","optional":true},"url":{"type":"string","description_kind":"plain","optional":true}},"description_kind":"plain"}},"vault_secret_info":{"nesting_mode":"set","block":{"attributes":{"key":{"type":"string","description_kind":"plain","optional":true},"location":{"type":"string","description_kind":"plain","optional":true},"provider":{"type":"string","description_kind":"plain","optional":true},"secret_encoding":{"type":"string","description_kind":"plain","optional":true},"version":{"type":"number","description_kind":"plain","optional":true}},"description_kind":"plain"}},"wingman_secret_info":{"nesting_mode":"set","block":{"attributes":{"name":{"type":"string","description_kind":"plain","optional":true}},"description_kind":"plain"}}},"description_kind":"plain"}}},"description_kind":"plain"}},"validation_params":{"nesting_mode":"set","block":{"attributes":{"skip_hostname_verification":{"type":"bool","description_kind":"plain","optional":true},"trusted_ca_url":{"type":"string","description_kind":"plain","optional":true},"use_volterra_trusted_ca_url":{"type":"bool","description_kind":"plain","optional":true},"verify_subject_alt_names":{"type":["list","string"],"description_kind":"plain","optional":true}},"description_kind":"plain"}}},"description_kind":"plain"}}},"description_kind":"plain"}},"user_identification":{"nesting_mode":"list","block":{"attributes":{"kind":{"type":"string","description_kind":"plain","computed":true},"name":{"type":"string","description_kind":"plain","optional":true},"namespace":{"type":"string","description_kind":"plain","optional":true},"tenant":{"type":"string","description_kind":"plain","optional":true}},"description_kind":"plain"}},"waf_type":{"nesting_mode":"set","block":{"block_types":{"app_firewall":{"nesting_mode":"set","block":{"block_types":{"app_firewall":{"nesting_mode":"list","block":{"attributes":{"kind":{"type":"string","description_kind":"plain","computed":true},"name":{"type":"string","description_kind":"plain","optional":true},"namespace":{"type":"string","description_kind":"plain","optional":true},"tenant":{"type":"string","description_kind":"plain","optional":true}},"description_kind":"plain"}}},"description_kind":"plain"}},"waf":{"nesting_mode":"set","block":{"block_types":{"waf":{"nesting_mode":"list","block":{"attributes":{"kind":{"type":"string","description_kind":"plain","computed":true},"name":{"type":"string","description_kind":"plain","optional":true},"namespace":{"type":"string","description_kind":"plain","optional":true},"tenant":{"type":"string","description_kind":"plain","optional":true}},"description_kind":"plain"}}},"description_kind":"plain"}},"waf_rules":{"nesting_mode":"set","block":{"block_types":{"waf_rules":{"nesting_mode":"list","block":{"attributes":{"kind":{"type":"string","description_kind":"plain","computed":true},"name":{"type":"string","description_kind":"plain","optional":true},"namespace":{"type":"string","description_kind":"plain","optional":true},"tenant":{"type":"string","description_kind":"plain","optional":true}},"description_kind":"plain"}}},"description_kind":"plain"}}},"description_kind":"plain"}}},"description_kind":"plain"}},"volterra_virtual_k8s":{"version":0,"block":{"attributes":{"annotations":{"type":["map","string"],"description_kind":"plain","optional":true},"description":{"type":"string","description_kind":"plain","optional":true},"disable":{"type":"bool","description_kind":"plain","optional":true},"disabled":{"type":"bool","description_kind":"plain","optional":true},"id":{"type":"string","description_kind":"plain","optional":true,"computed":true},"isolated":{"type":"bool","description_kind":"plain","optional":true},"labels":{"type":["map","string"],"description_kind":"plain","optional":true},"name":{"type":"string","description_kind":"plain","required":true},"namespace":{"type":"string","description_kind":"plain","required":true}},"block_types":{"default_flavor_ref":{"nesting_mode":"set","block":{"attributes":{"name":{"type":"string","description_kind":"plain","optional":true},"namespace":{"type":"string","description_kind":"plain","optional":true},"tenant":{"type":"string","description_kind":"plain","optional":true}},"description_kind":"plain"}},"vsite_refs":{"nesting_mode":"list","block":{"attributes":{"kind":{"type":"string","description_kind":"plain","computed":true},"name":{"type":"string","description_kind":"plain","optional":true},"namespace":{"type":"string","description_kind":"plain","optional":true},"tenant":{"type":"string","description_kind":"plain","optional":true}},"description_kind":"plain"}}},"description_kind":"plain"}},"volterra_virtual_network":{"version":0,"block":{"attributes":{"annotations":{"type":["map","string"],"description_kind":"plain","optional":true},"description":{"type":"string","description_kind":"plain","optional":true},"disable":{"type":"bool","description_kind":"plain","optional":true},"global_network":{"type":"bool","description_kind":"plain","optional":true},"id":{"type":"string","description_kind":"plain","optional":true,"computed":true},"labels":{"type":["map","string"],"description_kind":"plain","optional":true},"legacy_type":{"type":"string","description_kind":"plain","optional":true},"name":{"type":"string","description_kind":"plain","required":true},"namespace":{"type":"string","description_kind":"plain","required":true},"site_local_inside_network":{"type":"bool","description_kind":"plain","optional":true},"site_local_network":{"type":"bool","description_kind":"plain","optional":true}},"block_types":{"srv6_network":{"nesting_mode":"set","block":{"attributes":{"anycast_vip":{"type":"string","description_kind":"plain","optional":true},"interface_ip_snat_pool":{"type":"bool","description_kind":"plain","optional":true},"interface_ip_vip":{"type":"bool","description_kind":"plain","optional":true},"no_namespace_network":{"type":"bool","description_kind":"plain","optional":true},"remote_sid_stats_plen":{"type":"number","description_kind":"plain","optional":true}},"block_types":{"access_network_rtargets":{"nesting_mode":"list","block":{"block_types":{"asn2byte_rtarget":{"nesting_mode":"set","block":{"attributes":{"as_number":{"type":"number","description_kind":"plain","optional":true},"value":{"type":"number","description_kind":"plain","optional":true}},"description_kind":"plain"}},"asn4byte_rtarget":{"nesting_mode":"set","block":{"attributes":{"as_number":{"type":"number","description_kind":"plain","optional":true},"value":{"type":"number","description_kind":"plain","optional":true}},"description_kind":"plain"}},"ipv4_addr_rtarget":{"nesting_mode":"set","block":{"attributes":{"address":{"type":"string","description_kind":"plain","optional":true},"value":{"type":"number","description_kind":"plain","optional":true}},"description_kind":"plain"}}},"description_kind":"plain"}},"enterprise_network_rtargets":{"nesting_mode":"list","block":{"block_types":{"asn2byte_rtarget":{"nesting_mode":"set","block":{"attributes":{"as_number":{"type":"number","description_kind":"plain","optional":true},"value":{"type":"number","description_kind":"plain","optional":true}},"description_kind":"plain"}},"asn4byte_rtarget":{"nesting_mode":"set","block":{"attributes":{"as_number":{"type":"number","description_kind":"plain","optional":true},"value":{"type":"number","description_kind":"plain","optional":true}},"description_kind":"plain"}},"ipv4_addr_rtarget":{"nesting_mode":"set","block":{"attributes":{"address":{"type":"string","description_kind":"plain","optional":true},"value":{"type":"number","description_kind":"plain","optional":true}},"description_kind":"plain"}}},"description_kind":"plain"}},"export_rtargets":{"nesting_mode":"list","block":{"block_types":{"asn2byte_rtarget":{"nesting_mode":"set","block":{"attributes":{"as_number":{"type":"number","description_kind":"plain","optional":true},"value":{"type":"number","description_kind":"plain","optional":true}},"description_kind":"plain"}},"asn4byte_rtarget":{"nesting_mode":"set","block":{"attributes":{"as_number":{"type":"number","description_kind":"plain","optional":true},"value":{"type":"number","description_kind":"plain","optional":true}},"description_kind":"plain"}},"ipv4_addr_rtarget":{"nesting_mode":"set","block":{"attributes":{"address":{"type":"string","description_kind":"plain","optional":true},"value":{"type":"number","description_kind":"plain","optional":true}},"description_kind":"plain"}}},"description_kind":"plain"}},"fleet_snat_pool":{"nesting_mode":"set","block":{"block_types":{"snat_pool_allocator":{"nesting_mode":"set","block":{"attributes":{"name":{"type":"string","description_kind":"plain","optional":true},"namespace":{"type":"string","description_kind":"plain","optional":true},"tenant":{"type":"string","description_kind":"plain","optional":true}},"description_kind":"plain"}}},"description_kind":"plain"}},"fleet_vip":{"nesting_mode":"set","block":{"block_types":{"vip_allocator":{"nesting_mode":"set","block":{"attributes":{"name":{"type":"string","description_kind":"plain","optional":true},"namespace":{"type":"string","description_kind":"plain","optional":true},"tenant":{"type":"string","description_kind":"plain","optional":true}},"description_kind":"plain"}}},"description_kind":"plain"}},"fleets":{"nesting_mode":"list","block":{"attributes":{"name":{"type":"string","description_kind":"plain","optional":true},"namespace":{"type":"string","description_kind":"plain","optional":true},"tenant":{"type":"string","description_kind":"plain","optional":true}},"description_kind":"plain"}},"internet_rtargets":{"nesting_mode":"list","block":{"block_types":{"asn2byte_rtarget":{"nesting_mode":"set","block":{"attributes":{"as_number":{"type":"number","description_kind":"plain","optional":true},"value":{"type":"number","description_kind":"plain","optional":true}},"description_kind":"plain"}},"asn4byte_rtarget":{"nesting_mode":"set","block":{"attributes":{"as_number":{"type":"number","description_kind":"plain","optional":true},"value":{"type":"number","description_kind":"plain","optional":true}},"description_kind":"plain"}},"ipv4_addr_rtarget":{"nesting_mode":"set","block":{"attributes":{"address":{"type":"string","description_kind":"plain","optional":true},"value":{"type":"number","description_kind":"plain","optional":true}},"description_kind":"plain"}}},"description_kind":"plain"}},"site_snat_pool":{"nesting_mode":"set","block":{"block_types":{"node_snat_pool":{"nesting_mode":"set","block":{"attributes":{"name":{"type":"string","description_kind":"plain","required":true}},"block_types":{"value":{"nesting_mode":"set","block":{"attributes":{"ipv4_prefixes":{"type":["list","string"],"description_kind":"plain","required":true}},"description_kind":"plain"},"min_items":1}},"description_kind":"plain"}}},"description_kind":"plain"}},"slice":{"nesting_mode":"set","block":{"attributes":{"name":{"type":"string","description_kind":"plain","optional":true},"namespace":{"type":"string","description_kind":"plain","optional":true},"tenant":{"type":"string","description_kind":"plain","optional":true}},"description_kind":"plain"}},"srv6_network_ns_params":{"nesting_mode":"set","block":{"attributes":{"namespace":{"type":"string","description_kind":"plain","optional":true}},"description_kind":"plain"}}},"description_kind":"plain"}},"static_routes":{"nesting_mode":"list","block":{"attributes":{"attrs":{"type":["list","string"],"description_kind":"plain","optional":true},"default_gateway":{"type":"bool","description_kind":"plain","optional":true},"ip_address":{"type":"string","description_kind":"plain","optional":true},"ip_prefixes":{"type":["list","string"],"description_kind":"plain","required":true}},"block_types":{"interface":{"nesting_mode":"set","block":{"attributes":{"name":{"type":"string","description_kind":"plain","optional":true},"namespace":{"type":"string","description_kind":"plain","optional":true},"tenant":{"type":"string","description_kind":"plain","optional":true}},"description_kind":"plain"}}},"description_kind":"plain"}}},"description_kind":"plain"}},"volterra_virtual_site":{"version":0,"block":{"attributes":{"annotations":{"type":["map","string"],"description_kind":"plain","optional":true},"description":{"type":"string","description_kind":"plain","optional":true},"disable":{"type":"bool","description_kind":"plain","optional":true},"id":{"type":"string","description_kind":"plain","optional":true,"computed":true},"labels":{"type":["map","string"],"description_kind":"plain","optional":true},"name":{"type":"string","description_kind":"plain","required":true},"namespace":{"type":"string","description_kind":"plain","required":true},"site_type":{"type":"string","description_kind":"plain","required":true}},"block_types":{"site_selector":{"nesting_mode":"set","block":{"attributes":{"expressions":{"type":["list","string"],"description_kind":"plain","required":true}},"description_kind":"plain"}}},"description_kind":"plain"}},"volterra_voltstack_site":{"version":0,"block":{"attributes":{"address":{"type":"string","description_kind":"plain","optional":true},"allow_all_usb":{"type":"bool","description_kind":"plain","optional":true},"annotations":{"type":["map","string"],"description_kind":"plain","optional":true},"default_network_config":{"type":"bool","description_kind":"plain","optional":true},"default_storage_config":{"type":"bool","description_kind":"plain","optional":true},"deny_all_usb":{"type":"bool","description_kind":"plain","optional":true},"description":{"type":"string","description_kind":"plain","optional":true},"disable":{"type":"bool","description_kind":"plain","optional":true},"disable_gpu":{"type":"bool","description_kind":"plain","optional":true},"enable_gpu":{"type":"bool","description_kind":"plain","optional":true},"id":{"type":"string","description_kind":"plain","optional":true,"computed":true},"labels":{"type":["map","string"],"description_kind":"plain","optional":true},"logs_streaming_disabled":{"type":"bool","description_kind":"plain","optional":true},"master_nodes":{"type":["list","string"],"description_kind":"plain","required":true},"name":{"type":"string","description_kind":"plain","required":true},"namespace":{"type":"string","description_kind":"plain","required":true},"no_bond_devices":{"type":"bool","description_kind":"plain","optional":true},"no_k8s_cluster":{"type":"bool","description_kind":"plain","optional":true},"no_local_control_plane":{"type":"bool","description_kind":"plain","optional":true},"volterra_certified_hw":{"type":"string","description_kind":"plain","required":true},"worker_nodes":{"type":["list","string"],"description_kind":"plain","optional":true}},"block_types":{"bond_device_list":{"nesting_mode":"set","block":{"block_types":{"bond_devices":{"nesting_mode":"list","block":{"attributes":{"active_backup":{"type":"bool","description_kind":"plain","optional":true},"devices":{"type":["list","string"],"description_kind":"plain","required":true},"link_polling_interval":{"type":"number","description_kind":"plain","optional":true},"link_up_delay":{"type":"number","description_kind":"plain","optional":true},"name":{"type":"string","description_kind":"plain","optional":true}},"block_types":{"lacp":{"nesting_mode":"set","block":{"attributes":{"rate":{"type":"number","description_kind":"plain","optional":true}},"description_kind":"plain"}}},"description_kind":"plain"}}},"description_kind":"plain"}},"coordinates":{"nesting_mode":"set","block":{"attributes":{"latitude":{"type":"number","description_kind":"plain","optional":true},"longitude":{"type":"number","description_kind":"plain","optional":true}},"description_kind":"plain"}},"custom_network_config":{"nesting_mode":"set","block":{"attributes":{"bgp_peer_address":{"type":"string","description_kind":"plain","optional":true},"bgp_router_id":{"type":"string","description_kind":"plain","optional":true},"default_config":{"type":"bool","description_kind":"plain","optional":true},"default_interface_config":{"type":"bool","description_kind":"plain","optional":true},"default_sli_config":{"type":"bool","description_kind":"plain","optional":true},"forward_proxy_allow_all":{"type":"bool","description_kind":"plain","optional":true},"no_forward_proxy":{"type":"bool","description_kind":"plain","optional":true},"no_global_network":{"type":"bool","description_kind":"plain","optional":true},"no_network_policy":{"type":"bool","description_kind":"plain","optional":true},"outside_nameserver":{"type":"string","description_kind":"plain","optional":true},"outside_vip":{"type":"string","description_kind":"plain","optional":true},"site_to_site_tunnel_ip":{"type":"string","description_kind":"plain","optional":true},"tunnel_dead_timeout":{"type":"number","description_kind":"plain","optional":true},"vip_vrrp_mode":{"type":"string","description_kind":"plain","optional":true}},"block_types":{"active_forward_proxy_policies":{"nesting_mode":"set","block":{"block_types":{"forward_proxy_policies":{"nesting_mode":"list","block":{"attributes":{"name":{"type":"string","description_kind":"plain","optional":true},"namespace":{"type":"string","description_kind":"plain","optional":true},"tenant":{"type":"string","description_kind":"plain","optional":true}},"description_kind":"plain"}}},"description_kind":"plain"}},"active_network_policies":{"nesting_mode":"set","block":{"block_types":{"network_policies":{"nesting_mode":"list","block":{"attributes":{"name":{"type":"string","description_kind":"plain","optional":true},"namespace":{"type":"string","description_kind":"plain","optional":true},"tenant":{"type":"string","description_kind":"plain","optional":true}},"description_kind":"plain"}}},"description_kind":"plain"}},"global_network_list":{"nesting_mode":"set","block":{"block_types":{"global_network_connections":{"nesting_mode":"list","block":{"attributes":{"disable_forward_proxy":{"type":"bool","description_kind":"plain","optional":true}},"block_types":{"enable_forward_proxy":{"nesting_mode":"set","block":{"attributes":{"connection_timeout":{"type":"number","description_kind":"plain","optional":true},"max_connect_attempts":{"type":"number","description_kind":"plain","optional":true},"no_interception":{"type":"bool","description_kind":"plain","optional":true},"white_listed_ports":{"type":["list","number"],"description_kind":"plain","optional":true},"white_listed_prefixes":{"type":["list","string"],"description_kind":"plain","optional":true}},"block_types":{"tls_intercept":{"nesting_mode":"set","block":{"attributes":{"enable_for_all_domains":{"type":"bool","description_kind":"plain","optional":true},"trusted_ca_url":{"type":"string","description_kind":"plain","optional":true},"volterra_certificate":{"type":"bool","description_kind":"plain","optional":true},"volterra_trusted_ca":{"type":"bool","description_kind":"plain","optional":true}},"block_types":{"custom_certificate":{"nesting_mode":"set","block":{"attributes":{"certificate_url":{"type":"string","description_kind":"plain","optional":true},"description":{"type":"string","description_kind":"plain","optional":true}},"block_types":{"private_key":{"nesting_mode":"set","block":{"attributes":{"secret_encoding_type":{"type":"string","description_kind":"plain","optional":true}},"block_types":{"blindfold_secret_info":{"nesting_mode":"set","block":{"attributes":{"decryption_provider":{"type":"string","description_kind":"plain","optional":true},"location":{"type":"string","description_kind":"plain","optional":true},"store_provider":{"type":"string","description_kind":"plain","optional":true}},"description_kind":"plain"}},"blindfold_secret_info_internal":{"nesting_mode":"set","block":{"attributes":{"decryption_provider":{"type":"string","description_kind":"plain","optional":true},"location":{"type":"string","description_kind":"plain","optional":true},"store_provider":{"type":"string","description_kind":"plain","optional":true}},"description_kind":"plain"}},"clear_secret_info":{"nesting_mode":"set","block":{"attributes":{"provider":{"type":"string","description_kind":"plain","optional":true},"url":{"type":"string","description_kind":"plain","optional":true}},"description_kind":"plain"}},"vault_secret_info":{"nesting_mode":"set","block":{"attributes":{"key":{"type":"string","description_kind":"plain","optional":true},"location":{"type":"string","description_kind":"plain","optional":true},"provider":{"type":"string","description_kind":"plain","optional":true},"secret_encoding":{"type":"string","description_kind":"plain","optional":true},"version":{"type":"number","description_kind":"plain","optional":true}},"description_kind":"plain"}},"wingman_secret_info":{"nesting_mode":"set","block":{"attributes":{"name":{"type":"string","description_kind":"plain","optional":true}},"description_kind":"plain"}}},"description_kind":"plain"}}},"description_kind":"plain"}},"policy":{"nesting_mode":"set","block":{"block_types":{"interception_rules":{"nesting_mode":"list","block":{"attributes":{"disable_interception":{"type":"bool","description_kind":"plain","optional":true},"enable_interception":{"type":"bool","description_kind":"plain","optional":true}},"block_types":{"domain_match":{"nesting_mode":"set","block":{"attributes":{"exact_value":{"type":"string","description_kind":"plain","optional":true},"regex_value":{"type":"string","description_kind":"plain","optional":true},"suffix_value":{"type":"string","description_kind":"plain","optional":true}},"description_kind":"plain"}}},"description_kind":"plain"}}},"description_kind":"plain"}}},"description_kind":"plain"}}},"description_kind":"plain"}},"sli_to_global_dr":{"nesting_mode":"set","block":{"block_types":{"global_vn":{"nesting_mode":"set","block":{"attributes":{"kind":{"type":"string","description_kind":"plain","computed":true},"name":{"type":"string","description_kind":"plain","optional":true},"namespace":{"type":"string","description_kind":"plain","optional":true},"tenant":{"type":"string","description_kind":"plain","optional":true}},"description_kind":"plain"}}},"description_kind":"plain"}},"slo_to_global_dr":{"nesting_mode":"set","block":{"block_types":{"global_vn":{"nesting_mode":"set","block":{"attributes":{"kind":{"type":"string","description_kind":"plain","computed":true},"name":{"type":"string","description_kind":"plain","optional":true},"namespace":{"type":"string","description_kind":"plain","optional":true},"tenant":{"type":"string","description_kind":"plain","optional":true}},"description_kind":"plain"}}},"description_kind":"plain"}}},"description_kind":"plain"}}},"description_kind":"plain"}},"interface_list":{"nesting_mode":"set","block":{"block_types":{"interfaces":{"nesting_mode":"list","block":{"attributes":{"description":{"type":"string","description_kind":"plain","optional":true},"labels":{"type":["map","string"],"description_kind":"plain","optional":true}},"block_types":{"dedicated_interface":{"nesting_mode":"set","block":{"attributes":{"cluster":{"type":"bool","description_kind":"plain","optional":true},"device":{"type":"string","description_kind":"plain","optional":true},"is_primary":{"type":"bool","description_kind":"plain","optional":true},"monitor_disabled":{"type":"bool","description_kind":"plain","optional":true},"mtu":{"type":"number","description_kind":"plain","optional":true},"node":{"type":"string","description_kind":"plain","optional":true},"not_primary":{"type":"bool","description_kind":"plain","optional":true},"priority":{"type":"number","description_kind":"plain","optional":true}},"block_types":{"monitor":{"nesting_mode":"set","block":{"description_kind":"plain"}}},"description_kind":"plain"}},"dedicated_management_interface":{"nesting_mode":"set","block":{"attributes":{"cluster":{"type":"bool","description_kind":"plain","optional":true},"device":{"type":"string","description_kind":"plain","optional":true},"mtu":{"type":"number","description_kind":"plain","optional":true},"node":{"type":"string","description_kind":"plain","optional":true}},"description_kind":"plain"}},"ethernet_interface":{"nesting_mode":"set","block":{"attributes":{"cluster":{"type":"bool","description_kind":"plain","optional":true},"device":{"type":"string","description_kind":"plain","optional":true},"dhcp_client":{"type":"bool","description_kind":"plain","optional":true},"is_primary":{"type":"bool","description_kind":"plain","optional":true},"monitor_disabled":{"type":"bool","description_kind":"plain","optional":true},"mtu":{"type":"number","description_kind":"plain","optional":true},"no_ipv6_address":{"type":"bool","description_kind":"plain","optional":true},"node":{"type":"string","description_kind":"plain","optional":true},"not_primary":{"type":"bool","description_kind":"plain","optional":true},"priority":{"type":"number","description_kind":"plain","optional":true},"site_local_inside_network":{"type":"bool","description_kind":"plain","optional":true},"site_local_network":{"type":"bool","description_kind":"plain","optional":true},"storage_network":{"type":"bool","description_kind":"plain","optional":true},"untagged":{"type":"bool","description_kind":"plain","optional":true},"vlan_id":{"type":"number","description_kind":"plain","optional":true}},"block_types":{"dhcp_server":{"nesting_mode":"set","block":{"attributes":{"automatic_from_end":{"type":"bool","description_kind":"plain","optional":true},"automatic_from_start":{"type":"bool","description_kind":"plain","optional":true},"dhcp_option82_tag":{"type":"string","description_kind":"plain","optional":true},"fixed_ip_map":{"type":["map","string"],"description_kind":"plain","optional":true}},"block_types":{"dhcp_networks":{"nesting_mode":"list","block":{"attributes":{"dgw_address":{"type":"string","description_kind":"plain","optional":true},"dns_address":{"type":"string","description_kind":"plain","optional":true},"first_address":{"type":"bool","description_kind":"plain","optional":true},"last_address":{"type":"bool","description_kind":"plain","optional":true},"network_prefix":{"type":"string","description_kind":"plain","optional":true},"pool_settings":{"type":"string","description_kind":"plain","optional":true},"same_as_dgw":{"type":"bool","description_kind":"plain","optional":true}},"block_types":{"network_prefix_allocator":{"nesting_mode":"set","block":{"attributes":{"name":{"type":"string","description_kind":"plain","optional":true},"namespace":{"type":"string","description_kind":"plain","optional":true},"tenant":{"type":"string","description_kind":"plain","optional":true}},"description_kind":"plain"}},"pools":{"nesting_mode":"list","block":{"attributes":{"end_ip":{"type":"string","description_kind":"plain","optional":true},"exclude":{"type":"bool","description_kind":"plain","optional":true},"start_ip":{"type":"string","description_kind":"plain","optional":true}},"description_kind":"plain"}}},"description_kind":"plain"}},"interface_ip_map":{"nesting_mode":"set","block":{"attributes":{"interface_ip_map":{"type":["map","string"],"description_kind":"plain","optional":true}},"description_kind":"plain"}}},"description_kind":"plain"}},"inside_network":{"nesting_mode":"set","block":{"attributes":{"name":{"type":"string","description_kind":"plain","optional":true},"namespace":{"type":"string","description_kind":"plain","optional":true},"tenant":{"type":"string","description_kind":"plain","optional":true}},"description_kind":"plain"}},"monitor":{"nesting_mode":"set","block":{"description_kind":"plain"}},"srv6_network":{"nesting_mode":"set","block":{"attributes":{"name":{"type":"string","description_kind":"plain","optional":true},"namespace":{"type":"string","description_kind":"plain","optional":true},"tenant":{"type":"string","description_kind":"plain","optional":true}},"description_kind":"plain"}},"static_ip":{"nesting_mode":"set","block":{"block_types":{"cluster_static_ip":{"nesting_mode":"set","block":{"block_types":{"interface_ip_map":{"nesting_mode":"set","block":{"attributes":{"name":{"type":"string","description_kind":"plain","required":true}},"block_types":{"value":{"nesting_mode":"set","block":{"attributes":{"default_gw":{"type":"string","description_kind":"plain","optional":true},"dns_server":{"type":"string","description_kind":"plain","optional":true},"ip_address":{"type":"string","description_kind":"plain","optional":true}},"description_kind":"plain"},"min_items":1}},"description_kind":"plain"}}},"description_kind":"plain"}},"fleet_static_ip":{"nesting_mode":"set","block":{"attributes":{"default_gw":{"type":"string","description_kind":"plain","optional":true},"dns_server":{"type":"string","description_kind":"plain","optional":true}},"block_types":{"network_prefix_allocator":{"nesting_mode":"set","block":{"attributes":{"name":{"type":"string","description_kind":"plain","optional":true},"namespace":{"type":"string","description_kind":"plain","optional":true},"tenant":{"type":"string","description_kind":"plain","optional":true}},"description_kind":"plain"}}},"description_kind":"plain"}},"node_static_ip":{"nesting_mode":"set","block":{"attributes":{"default_gw":{"type":"string","description_kind":"plain","optional":true},"dns_server":{"type":"string","description_kind":"plain","optional":true},"ip_address":{"type":"string","description_kind":"plain","optional":true}},"description_kind":"plain"}}},"description_kind":"plain"}},"static_ipv6_address":{"nesting_mode":"set","block":{"block_types":{"cluster_static_ip":{"nesting_mode":"set","block":{"block_types":{"interface_ip_map":{"nesting_mode":"set","block":{"attributes":{"name":{"type":"string","description_kind":"plain","required":true}},"block_types":{"value":{"nesting_mode":"set","block":{"attributes":{"default_gw":{"type":"string","description_kind":"plain","optional":true},"dns_server":{"type":"string","description_kind":"plain","optional":true},"ip_address":{"type":"string","description_kind":"plain","optional":true}},"description_kind":"plain"},"min_items":1}},"description_kind":"plain"}}},"description_kind":"plain"}},"fleet_static_ip":{"nesting_mode":"set","block":{"attributes":{"default_gw":{"type":"string","description_kind":"plain","optional":true},"dns_server":{"type":"string","description_kind":"plain","optional":true}},"block_types":{"network_prefix_allocator":{"nesting_mode":"set","block":{"attributes":{"name":{"type":"string","description_kind":"plain","optional":true},"namespace":{"type":"string","description_kind":"plain","optional":true},"tenant":{"type":"string","description_kind":"plain","optional":true}},"description_kind":"plain"}}},"description_kind":"plain"}},"node_static_ip":{"nesting_mode":"set","block":{"attributes":{"default_gw":{"type":"string","description_kind":"plain","optional":true},"dns_server":{"type":"string","description_kind":"plain","optional":true},"ip_address":{"type":"string","description_kind":"plain","optional":true}},"description_kind":"plain"}}},"description_kind":"plain"}}},"description_kind":"plain"}},"tunnel_interface":{"nesting_mode":"set","block":{"attributes":{"cluster":{"type":"bool","description_kind":"plain","optional":true},"mtu":{"type":"number","description_kind":"plain","optional":true},"node":{"type":"string","description_kind":"plain","optional":true},"priority":{"type":"number","description_kind":"plain","optional":true},"site_local_inside_network":{"type":"bool","description_kind":"plain","optional":true},"site_local_network":{"type":"bool","description_kind":"plain","optional":true}},"block_types":{"inside_network":{"nesting_mode":"set","block":{"attributes":{"name":{"type":"string","description_kind":"plain","optional":true},"namespace":{"type":"string","description_kind":"plain","optional":true},"tenant":{"type":"string","description_kind":"plain","optional":true}},"description_kind":"plain"}},"static_ip":{"nesting_mode":"set","block":{"block_types":{"cluster_static_ip":{"nesting_mode":"set","block":{"block_types":{"interface_ip_map":{"nesting_mode":"set","block":{"attributes":{"name":{"type":"string","description_kind":"plain","required":true}},"block_types":{"value":{"nesting_mode":"set","block":{"attributes":{"default_gw":{"type":"string","description_kind":"plain","optional":true},"dns_server":{"type":"string","description_kind":"plain","optional":true},"ip_address":{"type":"string","description_kind":"plain","optional":true}},"description_kind":"plain"},"min_items":1}},"description_kind":"plain"}}},"description_kind":"plain"}},"fleet_static_ip":{"nesting_mode":"set","block":{"attributes":{"default_gw":{"type":"string","description_kind":"plain","optional":true},"dns_server":{"type":"string","description_kind":"plain","optional":true}},"block_types":{"network_prefix_allocator":{"nesting_mode":"set","block":{"attributes":{"name":{"type":"string","description_kind":"plain","optional":true},"namespace":{"type":"string","description_kind":"plain","optional":true},"tenant":{"type":"string","description_kind":"plain","optional":true}},"description_kind":"plain"}}},"description_kind":"plain"}},"node_static_ip":{"nesting_mode":"set","block":{"attributes":{"default_gw":{"type":"string","description_kind":"plain","optional":true},"dns_server":{"type":"string","description_kind":"plain","optional":true},"ip_address":{"type":"string","description_kind":"plain","optional":true}},"description_kind":"plain"}}},"description_kind":"plain"}},"tunnel":{"nesting_mode":"set","block":{"attributes":{"name":{"type":"string","description_kind":"plain","optional":true},"namespace":{"type":"string","description_kind":"plain","optional":true},"tenant":{"type":"string","description_kind":"plain","optional":true}},"description_kind":"plain"}}},"description_kind":"plain"}}},"description_kind":"plain"}}},"description_kind":"plain"}},"sli_config":{"nesting_mode":"set","block":{"attributes":{"no_static_routes":{"type":"bool","description_kind":"plain","optional":true}},"block_types":{"static_routes":{"nesting_mode":"set","block":{"block_types":{"static_routes":{"nesting_mode":"list","block":{"attributes":{"attrs":{"type":["list","string"],"description_kind":"plain","optional":true},"default_gateway":{"type":"bool","description_kind":"plain","optional":true},"ip_address":{"type":"string","description_kind":"plain","optional":true},"ip_prefixes":{"type":["list","string"],"description_kind":"plain","required":true}},"block_types":{"interface":{"nesting_mode":"set","block":{"attributes":{"name":{"type":"string","description_kind":"plain","optional":true},"namespace":{"type":"string","description_kind":"plain","optional":true},"tenant":{"type":"string","description_kind":"plain","optional":true}},"description_kind":"plain"}}},"description_kind":"plain"}}},"description_kind":"plain"}}},"description_kind":"plain"}},"slo_config":{"nesting_mode":"set","block":{"attributes":{"labels":{"type":["map","string"],"description_kind":"plain","optional":true},"no_dc_cluster_group":{"type":"bool","description_kind":"plain","optional":true},"no_static_routes":{"type":"bool","description_kind":"plain","optional":true}},"block_types":{"dc_cluster_group":{"nesting_mode":"set","block":{"attributes":{"name":{"type":"string","description_kind":"plain","optional":true},"namespace":{"type":"string","description_kind":"plain","optional":true},"tenant":{"type":"string","description_kind":"plain","optional":true}},"description_kind":"plain"}},"static_routes":{"nesting_mode":"set","block":{"block_types":{"static_routes":{"nesting_mode":"list","block":{"attributes":{"attrs":{"type":["list","string"],"description_kind":"plain","optional":true},"default_gateway":{"type":"bool","description_kind":"plain","optional":true},"ip_address":{"type":"string","description_kind":"plain","optional":true},"ip_prefixes":{"type":["list","string"],"description_kind":"plain","required":true}},"block_types":{"interface":{"nesting_mode":"set","block":{"attributes":{"name":{"type":"string","description_kind":"plain","optional":true},"namespace":{"type":"string","description_kind":"plain","optional":true},"tenant":{"type":"string","description_kind":"plain","optional":true}},"description_kind":"plain"}}},"description_kind":"plain"}}},"description_kind":"plain"}}},"description_kind":"plain"}}},"description_kind":"plain"}},"custom_storage_config":{"nesting_mode":"set","block":{"attributes":{"default_storage_class":{"type":"bool","description_kind":"plain","optional":true},"no_static_routes":{"type":"bool","description_kind":"plain","optional":true},"no_storage_device":{"type":"bool","description_kind":"plain","optional":true},"no_storage_interfaces":{"type":"bool","description_kind":"plain","optional":true}},"block_types":{"static_routes":{"nesting_mode":"set","block":{"block_types":{"static_routes":{"nesting_mode":"list","block":{"attributes":{"attrs":{"type":["list","string"],"description_kind":"plain","optional":true},"default_gateway":{"type":"bool","description_kind":"plain","optional":true},"ip_address":{"type":"string","description_kind":"plain","optional":true},"ip_prefixes":{"type":["list","string"],"description_kind":"plain","required":true}},"block_types":{"interface":{"nesting_mode":"set","block":{"attributes":{"name":{"type":"string","description_kind":"plain","optional":true},"namespace":{"type":"string","description_kind":"plain","optional":true},"tenant":{"type":"string","description_kind":"plain","optional":true}},"description_kind":"plain"}}},"description_kind":"plain"}}},"description_kind":"plain"}},"storage_class_list":{"nesting_mode":"set","block":{"block_types":{"storage_classes":{"nesting_mode":"list","block":{"attributes":{"advanced_storage_parameters":{"type":["map","string"],"description_kind":"plain","optional":true},"allow_volume_expansion":{"type":"bool","description_kind":"plain","optional":true},"default_storage_class":{"type":"bool","description_kind":"plain","optional":true},"description":{"type":"string","description_kind":"plain","optional":true},"reclaim_policy":{"type":"string","description_kind":"plain","optional":true},"storage_class_name":{"type":"string","description_kind":"plain","optional":true},"storage_device":{"type":"string","description_kind":"plain","optional":true}},"block_types":{"custom_storage":{"nesting_mode":"set","block":{"attributes":{"yaml":{"type":"string","description_kind":"plain","optional":true}},"description_kind":"plain"}},"netapp_trident":{"nesting_mode":"set","block":{"attributes":{"selector":{"type":["map","string"],"description_kind":"plain","optional":true},"storage_pools":{"type":"string","description_kind":"plain","optional":true}},"description_kind":"plain"}},"openebs_enterprise":{"nesting_mode":"set","block":{"attributes":{"protocol":{"type":"string","description_kind":"plain","optional":true},"replication":{"type":"number","description_kind":"plain","optional":true}},"description_kind":"plain"}},"pure_service_orchestrator":{"nesting_mode":"set","block":{"attributes":{"backend":{"type":"string","description_kind":"plain","optional":true},"bandwidth_limit":{"type":"string","description_kind":"plain","optional":true},"iops_limit":{"type":"number","description_kind":"plain","optional":true}},"description_kind":"plain"}}},"description_kind":"plain"}}},"description_kind":"plain"}},"storage_device_list":{"nesting_mode":"set","block":{"block_types":{"storage_devices":{"nesting_mode":"list","block":{"attributes":{"advanced_advanced_parameters":{"type":["map","string"],"description_kind":"plain","optional":true},"custom_storage":{"type":"bool","description_kind":"plain","optional":true},"storage_device":{"type":"string","description_kind":"plain","optional":true}},"block_types":{"netapp_trident":{"nesting_mode":"set","block":{"block_types":{"netapp_backend_ontap_nas":{"nesting_mode":"set","block":{"attributes":{"auto_export_policy":{"type":"bool","description_kind":"plain","optional":true},"backend_name":{"type":"string","description_kind":"plain","optional":true},"client_certificate":{"type":"string","description_kind":"plain","optional":true},"data_lif_dns_name":{"type":"string","description_kind":"plain","optional":true},"data_lif_ip":{"type":"string","description_kind":"plain","optional":true},"labels":{"type":["map","string"],"description_kind":"plain","optional":true},"limit_aggregate_usage":{"type":"string","description_kind":"plain","optional":true},"limit_volume_size":{"type":"string","description_kind":"plain","optional":true},"management_lif_dns_name":{"type":"string","description_kind":"plain","optional":true},"management_lif_ip":{"type":"string","description_kind":"plain","optional":true},"nfs_mount_options":{"type":"string","description_kind":"plain","optional":true},"region":{"type":"string","description_kind":"plain","optional":true},"storage_driver_name":{"type":"string","description_kind":"plain","optional":true},"storage_prefix":{"type":"string","description_kind":"plain","optional":true},"svm":{"type":"string","description_kind":"plain","optional":true},"trusted_ca_certificate":{"type":"string","description_kind":"plain","optional":true},"username":{"type":"string","description_kind":"plain","optional":true}},"block_types":{"auto_export_cidrs":{"nesting_mode":"set","block":{"attributes":{"prefixes":{"type":["list","string"],"description_kind":"plain","required":true}},"description_kind":"plain"}},"client_private_key":{"nesting_mode":"set","block":{"attributes":{"secret_encoding_type":{"type":"string","description_kind":"plain","optional":true}},"block_types":{"blindfold_secret_info":{"nesting_mode":"set","block":{"attributes":{"decryption_provider":{"type":"string","description_kind":"plain","optional":true},"location":{"type":"string","description_kind":"plain","optional":true},"store_provider":{"type":"string","description_kind":"plain","optional":true}},"description_kind":"plain"}},"blindfold_secret_info_internal":{"nesting_mode":"set","block":{"attributes":{"decryption_provider":{"type":"string","description_kind":"plain","optional":true},"location":{"type":"string","description_kind":"plain","optional":true},"store_provider":{"type":"string","description_kind":"plain","optional":true}},"description_kind":"plain"}},"clear_secret_info":{"nesting_mode":"set","block":{"attributes":{"provider":{"type":"string","description_kind":"plain","optional":true},"url":{"type":"string","description_kind":"plain","optional":true}},"description_kind":"plain"}},"vault_secret_info":{"nesting_mode":"set","block":{"attributes":{"key":{"type":"string","description_kind":"plain","optional":true},"location":{"type":"string","description_kind":"plain","optional":true},"provider":{"type":"string","description_kind":"plain","optional":true},"secret_encoding":{"type":"string","description_kind":"plain","optional":true},"version":{"type":"number","description_kind":"plain","optional":true}},"description_kind":"plain"}},"wingman_secret_info":{"nesting_mode":"set","block":{"attributes":{"name":{"type":"string","description_kind":"plain","optional":true}},"description_kind":"plain"}}},"description_kind":"plain"}},"password":{"nesting_mode":"set","block":{"attributes":{"secret_encoding_type":{"type":"string","description_kind":"plain","optional":true}},"block_types":{"blindfold_secret_info":{"nesting_mode":"set","block":{"attributes":{"decryption_provider":{"type":"string","description_kind":"plain","optional":true},"location":{"type":"string","description_kind":"plain","optional":true},"store_provider":{"type":"string","description_kind":"plain","optional":true}},"description_kind":"plain"}},"blindfold_secret_info_internal":{"nesting_mode":"set","block":{"attributes":{"decryption_provider":{"type":"string","description_kind":"plain","optional":true},"location":{"type":"string","description_kind":"plain","optional":true},"store_provider":{"type":"string","description_kind":"plain","optional":true}},"description_kind":"plain"}},"clear_secret_info":{"nesting_mode":"set","block":{"attributes":{"provider":{"type":"string","description_kind":"plain","optional":true},"url":{"type":"string","description_kind":"plain","optional":true}},"description_kind":"plain"}},"vault_secret_info":{"nesting_mode":"set","block":{"attributes":{"key":{"type":"string","description_kind":"plain","optional":true},"location":{"type":"string","description_kind":"plain","optional":true},"provider":{"type":"string","description_kind":"plain","optional":true},"secret_encoding":{"type":"string","description_kind":"plain","optional":true},"version":{"type":"number","description_kind":"plain","optional":true}},"description_kind":"plain"}},"wingman_secret_info":{"nesting_mode":"set","block":{"attributes":{"name":{"type":"string","description_kind":"plain","optional":true}},"description_kind":"plain"}}},"description_kind":"plain"}},"storage":{"nesting_mode":"list","block":{"attributes":{"labels":{"type":["map","string"],"description_kind":"plain","optional":true},"zone":{"type":"string","description_kind":"plain","optional":true}},"block_types":{"volume_defaults":{"nesting_mode":"set","block":{"attributes":{"adaptive_qos_policy":{"type":"string","description_kind":"plain","optional":true},"encryption":{"type":"bool","description_kind":"plain","optional":true},"export_policy":{"type":"string","description_kind":"plain","optional":true},"no_qos":{"type":"bool","description_kind":"plain","optional":true},"qos_policy":{"type":"string","description_kind":"plain","optional":true},"security_style":{"type":"string","description_kind":"plain","optional":true},"snapshot_dir":{"type":"bool","description_kind":"plain","optional":true},"snapshot_policy":{"type":"string","description_kind":"plain","optional":true},"snapshot_reserve":{"type":"string","description_kind":"plain","optional":true},"space_reserve":{"type":"string","description_kind":"plain","optional":true},"split_on_clone":{"type":"bool","description_kind":"plain","optional":true},"tiering_policy":{"type":"string","description_kind":"plain","optional":true},"unix_permissions":{"type":"number","description_kind":"plain","optional":true}},"description_kind":"plain"}}},"description_kind":"plain"}},"volume_defaults":{"nesting_mode":"set","block":{"attributes":{"adaptive_qos_policy":{"type":"string","description_kind":"plain","optional":true},"encryption":{"type":"bool","description_kind":"plain","optional":true},"export_policy":{"type":"string","description_kind":"plain","optional":true},"no_qos":{"type":"bool","description_kind":"plain","optional":true},"qos_policy":{"type":"string","description_kind":"plain","optional":true},"security_style":{"type":"string","description_kind":"plain","optional":true},"snapshot_dir":{"type":"bool","description_kind":"plain","optional":true},"snapshot_policy":{"type":"string","description_kind":"plain","optional":true},"snapshot_reserve":{"type":"string","description_kind":"plain","optional":true},"space_reserve":{"type":"string","description_kind":"plain","optional":true},"split_on_clone":{"type":"bool","description_kind":"plain","optional":true},"tiering_policy":{"type":"string","description_kind":"plain","optional":true},"unix_permissions":{"type":"number","description_kind":"plain","optional":true}},"description_kind":"plain"}}},"description_kind":"plain"}},"netapp_backend_ontap_san":{"nesting_mode":"set","block":{"attributes":{"client_certificate":{"type":"string","description_kind":"plain","optional":true},"data_lif_dns_name":{"type":"string","description_kind":"plain","optional":true},"data_lif_ip":{"type":"string","description_kind":"plain","optional":true},"igroup_name":{"type":"string","description_kind":"plain","optional":true},"labels":{"type":["map","string"],"description_kind":"plain","optional":true},"limit_aggregate_usage":{"type":"number","description_kind":"plain","optional":true},"limit_volume_size":{"type":"number","description_kind":"plain","optional":true},"management_lif_dns_name":{"type":"string","description_kind":"plain","optional":true},"management_lif_ip":{"type":"string","description_kind":"plain","optional":true},"no_chap":{"type":"bool","description_kind":"plain","optional":true},"region":{"type":"string","description_kind":"plain","optional":true},"storage_driver_name":{"type":"string","description_kind":"plain","optional":true},"storage_prefix":{"type":"string","description_kind":"plain","optional":true},"svm":{"type":"string","description_kind":"plain","optional":true},"trusted_ca_certificate":{"type":"string","description_kind":"plain","optional":true},"username":{"type":"string","description_kind":"plain","optional":true}},"block_types":{"client_private_key":{"nesting_mode":"set","block":{"attributes":{"secret_encoding_type":{"type":"string","description_kind":"plain","optional":true}},"block_types":{"blindfold_secret_info":{"nesting_mode":"set","block":{"attributes":{"decryption_provider":{"type":"string","description_kind":"plain","optional":true},"location":{"type":"string","description_kind":"plain","optional":true},"store_provider":{"type":"string","description_kind":"plain","optional":true}},"description_kind":"plain"}},"blindfold_secret_info_internal":{"nesting_mode":"set","block":{"attributes":{"decryption_provider":{"type":"string","description_kind":"plain","optional":true},"location":{"type":"string","description_kind":"plain","optional":true},"store_provider":{"type":"string","description_kind":"plain","optional":true}},"description_kind":"plain"}},"clear_secret_info":{"nesting_mode":"set","block":{"attributes":{"provider":{"type":"string","description_kind":"plain","optional":true},"url":{"type":"string","description_kind":"plain","optional":true}},"description_kind":"plain"}},"vault_secret_info":{"nesting_mode":"set","block":{"attributes":{"key":{"type":"string","description_kind":"plain","optional":true},"location":{"type":"string","description_kind":"plain","optional":true},"provider":{"type":"string","description_kind":"plain","optional":true},"secret_encoding":{"type":"string","description_kind":"plain","optional":true},"version":{"type":"number","description_kind":"plain","optional":true}},"description_kind":"plain"}},"wingman_secret_info":{"nesting_mode":"set","block":{"attributes":{"name":{"type":"string","description_kind":"plain","optional":true}},"description_kind":"plain"}}},"description_kind":"plain"}},"password":{"nesting_mode":"set","block":{"attributes":{"secret_encoding_type":{"type":"string","description_kind":"plain","optional":true}},"block_types":{"blindfold_secret_info":{"nesting_mode":"set","block":{"attributes":{"decryption_provider":{"type":"string","description_kind":"plain","optional":true},"location":{"type":"string","description_kind":"plain","optional":true},"store_provider":{"type":"string","description_kind":"plain","optional":true}},"description_kind":"plain"}},"blindfold_secret_info_internal":{"nesting_mode":"set","block":{"attributes":{"decryption_provider":{"type":"string","description_kind":"plain","optional":true},"location":{"type":"string","description_kind":"plain","optional":true},"store_provider":{"type":"string","description_kind":"plain","optional":true}},"description_kind":"plain"}},"clear_secret_info":{"nesting_mode":"set","block":{"attributes":{"provider":{"type":"string","description_kind":"plain","optional":true},"url":{"type":"string","description_kind":"plain","optional":true}},"description_kind":"plain"}},"vault_secret_info":{"nesting_mode":"set","block":{"attributes":{"key":{"type":"string","description_kind":"plain","optional":true},"location":{"type":"string","description_kind":"plain","optional":true},"provider":{"type":"string","description_kind":"plain","optional":true},"secret_encoding":{"type":"string","description_kind":"plain","optional":true},"version":{"type":"number","description_kind":"plain","optional":true}},"description_kind":"plain"}},"wingman_secret_info":{"nesting_mode":"set","block":{"attributes":{"name":{"type":"string","description_kind":"plain","optional":true}},"description_kind":"plain"}}},"description_kind":"plain"}},"storage":{"nesting_mode":"list","block":{"attributes":{"labels":{"type":["map","string"],"description_kind":"plain","optional":true},"zone":{"type":"string","description_kind":"plain","optional":true}},"block_types":{"volume_defaults":{"nesting_mode":"set","block":{"attributes":{"adaptive_qos_policy":{"type":"string","description_kind":"plain","optional":true},"encryption":{"type":"bool","description_kind":"plain","optional":true},"export_policy":{"type":"string","description_kind":"plain","optional":true},"no_qos":{"type":"bool","description_kind":"plain","optional":true},"qos_policy":{"type":"string","description_kind":"plain","optional":true},"security_style":{"type":"string","description_kind":"plain","optional":true},"snapshot_dir":{"type":"bool","description_kind":"plain","optional":true},"snapshot_policy":{"type":"string","description_kind":"plain","optional":true},"snapshot_reserve":{"type":"string","description_kind":"plain","optional":true},"space_reserve":{"type":"string","description_kind":"plain","optional":true},"split_on_clone":{"type":"bool","description_kind":"plain","optional":true},"tiering_policy":{"type":"string","description_kind":"plain","optional":true},"unix_permissions":{"type":"number","description_kind":"plain","optional":true}},"description_kind":"plain"}}},"description_kind":"plain"}},"use_chap":{"nesting_mode":"set","block":{"attributes":{"chap_target_username":{"type":"string","description_kind":"plain","optional":true},"chap_username":{"type":"string","description_kind":"plain","optional":true}},"block_types":{"chap_initiator_secret":{"nesting_mode":"set","block":{"attributes":{"secret_encoding_type":{"type":"string","description_kind":"plain","optional":true}},"block_types":{"blindfold_secret_info":{"nesting_mode":"set","block":{"attributes":{"decryption_provider":{"type":"string","description_kind":"plain","optional":true},"location":{"type":"string","description_kind":"plain","optional":true},"store_provider":{"type":"string","description_kind":"plain","optional":true}},"description_kind":"plain"}},"blindfold_secret_info_internal":{"nesting_mode":"set","block":{"attributes":{"decryption_provider":{"type":"string","description_kind":"plain","optional":true},"location":{"type":"string","description_kind":"plain","optional":true},"store_provider":{"type":"string","description_kind":"plain","optional":true}},"description_kind":"plain"}},"clear_secret_info":{"nesting_mode":"set","block":{"attributes":{"provider":{"type":"string","description_kind":"plain","optional":true},"url":{"type":"string","description_kind":"plain","optional":true}},"description_kind":"plain"}},"vault_secret_info":{"nesting_mode":"set","block":{"attributes":{"key":{"type":"string","description_kind":"plain","optional":true},"location":{"type":"string","description_kind":"plain","optional":true},"provider":{"type":"string","description_kind":"plain","optional":true},"secret_encoding":{"type":"string","description_kind":"plain","optional":true},"version":{"type":"number","description_kind":"plain","optional":true}},"description_kind":"plain"}},"wingman_secret_info":{"nesting_mode":"set","block":{"attributes":{"name":{"type":"string","description_kind":"plain","optional":true}},"description_kind":"plain"}}},"description_kind":"plain"}},"chap_target_initiator_secret":{"nesting_mode":"set","block":{"attributes":{"secret_encoding_type":{"type":"string","description_kind":"plain","optional":true}},"block_types":{"blindfold_secret_info":{"nesting_mode":"set","block":{"attributes":{"decryption_provider":{"type":"string","description_kind":"plain","optional":true},"location":{"type":"string","description_kind":"plain","optional":true},"store_provider":{"type":"string","description_kind":"plain","optional":true}},"description_kind":"plain"}},"blindfold_secret_info_internal":{"nesting_mode":"set","block":{"attributes":{"decryption_provider":{"type":"string","description_kind":"plain","optional":true},"location":{"type":"string","description_kind":"plain","optional":true},"store_provider":{"type":"string","description_kind":"plain","optional":true}},"description_kind":"plain"}},"clear_secret_info":{"nesting_mode":"set","block":{"attributes":{"provider":{"type":"string","description_kind":"plain","optional":true},"url":{"type":"string","description_kind":"plain","optional":true}},"description_kind":"plain"}},"vault_secret_info":{"nesting_mode":"set","block":{"attributes":{"key":{"type":"string","description_kind":"plain","optional":true},"location":{"type":"string","description_kind":"plain","optional":true},"provider":{"type":"string","description_kind":"plain","optional":true},"secret_encoding":{"type":"string","description_kind":"plain","optional":true},"version":{"type":"number","description_kind":"plain","optional":true}},"description_kind":"plain"}},"wingman_secret_info":{"nesting_mode":"set","block":{"attributes":{"name":{"type":"string","description_kind":"plain","optional":true}},"description_kind":"plain"}}},"description_kind":"plain"}}},"description_kind":"plain"}},"volume_defaults":{"nesting_mode":"set","block":{"attributes":{"adaptive_qos_policy":{"type":"string","description_kind":"plain","optional":true},"encryption":{"type":"bool","description_kind":"plain","optional":true},"export_policy":{"type":"string","description_kind":"plain","optional":true},"no_qos":{"type":"bool","description_kind":"plain","optional":true},"qos_policy":{"type":"string","description_kind":"plain","optional":true},"security_style":{"type":"string","description_kind":"plain","optional":true},"snapshot_dir":{"type":"bool","description_kind":"plain","optional":true},"snapshot_policy":{"type":"string","description_kind":"plain","optional":true},"snapshot_reserve":{"type":"string","description_kind":"plain","optional":true},"space_reserve":{"type":"string","description_kind":"plain","optional":true},"split_on_clone":{"type":"bool","description_kind":"plain","optional":true},"tiering_policy":{"type":"string","description_kind":"plain","optional":true},"unix_permissions":{"type":"number","description_kind":"plain","optional":true}},"description_kind":"plain"}}},"description_kind":"plain"}}},"description_kind":"plain"}},"openebs_enterprise":{"nesting_mode":"set","block":{"block_types":{"mayastor_pools":{"nesting_mode":"list","block":{"attributes":{"node":{"type":"string","description_kind":"plain","optional":true},"pool_disk_devices":{"type":["list","string"],"description_kind":"plain","required":true},"pool_name":{"type":"string","description_kind":"plain","optional":true}},"description_kind":"plain"}}},"description_kind":"plain"}},"pure_service_orchestrator":{"nesting_mode":"set","block":{"attributes":{"cluster_id":{"type":"string","description_kind":"plain","optional":true},"enable_storage_topology":{"type":"bool","description_kind":"plain","optional":true},"enable_strict_topology":{"type":"bool","description_kind":"plain","optional":true}},"block_types":{"arrays":{"nesting_mode":"set","block":{"block_types":{"flash_array":{"nesting_mode":"set","block":{"attributes":{"default_fs_opt":{"type":"string","description_kind":"plain","optional":true},"default_fs_type":{"type":"string","description_kind":"plain","optional":true},"default_mount_opts":{"type":["list","string"],"description_kind":"plain","optional":true},"disable_preempt_attachments":{"type":"bool","description_kind":"plain","optional":true},"iscsi_login_timeout":{"type":"number","description_kind":"plain","optional":true},"san_type":{"type":"string","description_kind":"plain","optional":true}},"block_types":{"flash_arrays":{"nesting_mode":"list","block":{"attributes":{"labels":{"type":["map","string"],"description_kind":"plain","optional":true},"mgmt_dns_name":{"type":"string","description_kind":"plain","optional":true},"mgmt_ip":{"type":"string","description_kind":"plain","optional":true}},"block_types":{"api_token":{"nesting_mode":"set","block":{"attributes":{"secret_encoding_type":{"type":"string","description_kind":"plain","optional":true}},"block_types":{"blindfold_secret_info":{"nesting_mode":"set","block":{"attributes":{"decryption_provider":{"type":"string","description_kind":"plain","optional":true},"location":{"type":"string","description_kind":"plain","optional":true},"store_provider":{"type":"string","description_kind":"plain","optional":true}},"description_kind":"plain"}},"blindfold_secret_info_internal":{"nesting_mode":"set","block":{"attributes":{"decryption_provider":{"type":"string","description_kind":"plain","optional":true},"location":{"type":"string","description_kind":"plain","optional":true},"store_provider":{"type":"string","description_kind":"plain","optional":true}},"description_kind":"plain"}},"clear_secret_info":{"nesting_mode":"set","block":{"attributes":{"provider":{"type":"string","description_kind":"plain","optional":true},"url":{"type":"string","description_kind":"plain","optional":true}},"description_kind":"plain"}},"vault_secret_info":{"nesting_mode":"set","block":{"attributes":{"key":{"type":"string","description_kind":"plain","optional":true},"location":{"type":"string","description_kind":"plain","optional":true},"provider":{"type":"string","description_kind":"plain","optional":true},"secret_encoding":{"type":"string","description_kind":"plain","optional":true},"version":{"type":"number","description_kind":"plain","optional":true}},"description_kind":"plain"}},"wingman_secret_info":{"nesting_mode":"set","block":{"attributes":{"name":{"type":"string","description_kind":"plain","optional":true}},"description_kind":"plain"}}},"description_kind":"plain"}}},"description_kind":"plain"}}},"description_kind":"plain"}},"flash_blade":{"nesting_mode":"set","block":{"attributes":{"enable_snapshot_directory":{"type":"bool","description_kind":"plain","optional":true},"export_rules":{"type":"string","description_kind":"plain","optional":true}},"block_types":{"flash_blades":{"nesting_mode":"list","block":{"attributes":{"lables":{"type":["map","string"],"description_kind":"plain","optional":true},"mgmt_dns_name":{"type":"string","description_kind":"plain","optional":true},"mgmt_ip":{"type":"string","description_kind":"plain","optional":true},"nfs_endpoint_dns_name":{"type":"string","description_kind":"plain","optional":true},"nfs_endpoint_ip":{"type":"string","description_kind":"plain","optional":true}},"block_types":{"api_token":{"nesting_mode":"set","block":{"attributes":{"secret_encoding_type":{"type":"string","description_kind":"plain","optional":true}},"block_types":{"blindfold_secret_info":{"nesting_mode":"set","block":{"attributes":{"decryption_provider":{"type":"string","description_kind":"plain","optional":true},"location":{"type":"string","description_kind":"plain","optional":true},"store_provider":{"type":"string","description_kind":"plain","optional":true}},"description_kind":"plain"}},"blindfold_secret_info_internal":{"nesting_mode":"set","block":{"attributes":{"decryption_provider":{"type":"string","description_kind":"plain","optional":true},"location":{"type":"string","description_kind":"plain","optional":true},"store_provider":{"type":"string","description_kind":"plain","optional":true}},"description_kind":"plain"}},"clear_secret_info":{"nesting_mode":"set","block":{"attributes":{"provider":{"type":"string","description_kind":"plain","optional":true},"url":{"type":"string","description_kind":"plain","optional":true}},"description_kind":"plain"}},"vault_secret_info":{"nesting_mode":"set","block":{"attributes":{"key":{"type":"string","description_kind":"plain","optional":true},"location":{"type":"string","description_kind":"plain","optional":true},"provider":{"type":"string","description_kind":"plain","optional":true},"secret_encoding":{"type":"string","description_kind":"plain","optional":true},"version":{"type":"number","description_kind":"plain","optional":true}},"description_kind":"plain"}},"wingman_secret_info":{"nesting_mode":"set","block":{"attributes":{"name":{"type":"string","description_kind":"plain","optional":true}},"description_kind":"plain"}}},"description_kind":"plain"}}},"description_kind":"plain"}}},"description_kind":"plain"}}},"description_kind":"plain"}}},"description_kind":"plain"}}},"description_kind":"plain"}}},"description_kind":"plain"}},"storage_interface_list":{"nesting_mode":"set","block":{"block_types":{"storage_interfaces":{"nesting_mode":"list","block":{"attributes":{"description":{"type":"string","description_kind":"plain","optional":true},"labels":{"type":["map","string"],"description_kind":"plain","optional":true}},"block_types":{"storage_interface":{"nesting_mode":"set","block":{"attributes":{"cluster":{"type":"bool","description_kind":"plain","optional":true},"device":{"type":"string","description_kind":"plain","optional":true},"dhcp_client":{"type":"bool","description_kind":"plain","optional":true},"is_primary":{"type":"bool","description_kind":"plain","optional":true},"monitor_disabled":{"type":"bool","description_kind":"plain","optional":true},"mtu":{"type":"number","description_kind":"plain","optional":true},"no_ipv6_address":{"type":"bool","description_kind":"plain","optional":true},"node":{"type":"string","description_kind":"plain","optional":true},"not_primary":{"type":"bool","description_kind":"plain","optional":true},"priority":{"type":"number","description_kind":"plain","optional":true},"site_local_inside_network":{"type":"bool","description_kind":"plain","optional":true},"site_local_network":{"type":"bool","description_kind":"plain","optional":true},"storage_network":{"type":"bool","description_kind":"plain","optional":true},"untagged":{"type":"bool","description_kind":"plain","optional":true},"vlan_id":{"type":"number","description_kind":"plain","optional":true}},"block_types":{"dhcp_server":{"nesting_mode":"set","block":{"attributes":{"automatic_from_end":{"type":"bool","description_kind":"plain","optional":true},"automatic_from_start":{"type":"bool","description_kind":"plain","optional":true},"dhcp_option82_tag":{"type":"string","description_kind":"plain","optional":true},"fixed_ip_map":{"type":["map","string"],"description_kind":"plain","optional":true}},"block_types":{"dhcp_networks":{"nesting_mode":"list","block":{"attributes":{"dgw_address":{"type":"string","description_kind":"plain","optional":true},"dns_address":{"type":"string","description_kind":"plain","optional":true},"first_address":{"type":"bool","description_kind":"plain","optional":true},"last_address":{"type":"bool","description_kind":"plain","optional":true},"network_prefix":{"type":"string","description_kind":"plain","optional":true},"pool_settings":{"type":"string","description_kind":"plain","optional":true},"same_as_dgw":{"type":"bool","description_kind":"plain","optional":true}},"block_types":{"network_prefix_allocator":{"nesting_mode":"set","block":{"attributes":{"name":{"type":"string","description_kind":"plain","optional":true},"namespace":{"type":"string","description_kind":"plain","optional":true},"tenant":{"type":"string","description_kind":"plain","optional":true}},"description_kind":"plain"}},"pools":{"nesting_mode":"list","block":{"attributes":{"end_ip":{"type":"string","description_kind":"plain","optional":true},"exclude":{"type":"bool","description_kind":"plain","optional":true},"start_ip":{"type":"string","description_kind":"plain","optional":true}},"description_kind":"plain"}}},"description_kind":"plain"}},"interface_ip_map":{"nesting_mode":"set","block":{"attributes":{"interface_ip_map":{"type":["map","string"],"description_kind":"plain","optional":true}},"description_kind":"plain"}}},"description_kind":"plain"}},"inside_network":{"nesting_mode":"set","block":{"attributes":{"name":{"type":"string","description_kind":"plain","optional":true},"namespace":{"type":"string","description_kind":"plain","optional":true},"tenant":{"type":"string","description_kind":"plain","optional":true}},"description_kind":"plain"}},"monitor":{"nesting_mode":"set","block":{"description_kind":"plain"}},"srv6_network":{"nesting_mode":"set","block":{"attributes":{"name":{"type":"string","description_kind":"plain","optional":true},"namespace":{"type":"string","description_kind":"plain","optional":true},"tenant":{"type":"string","description_kind":"plain","optional":true}},"description_kind":"plain"}},"static_ip":{"nesting_mode":"set","block":{"block_types":{"cluster_static_ip":{"nesting_mode":"set","block":{"block_types":{"interface_ip_map":{"nesting_mode":"set","block":{"attributes":{"name":{"type":"string","description_kind":"plain","required":true}},"block_types":{"value":{"nesting_mode":"set","block":{"attributes":{"default_gw":{"type":"string","description_kind":"plain","optional":true},"dns_server":{"type":"string","description_kind":"plain","optional":true},"ip_address":{"type":"string","description_kind":"plain","optional":true}},"description_kind":"plain"},"min_items":1}},"description_kind":"plain"}}},"description_kind":"plain"}},"fleet_static_ip":{"nesting_mode":"set","block":{"attributes":{"default_gw":{"type":"string","description_kind":"plain","optional":true},"dns_server":{"type":"string","description_kind":"plain","optional":true}},"block_types":{"network_prefix_allocator":{"nesting_mode":"set","block":{"attributes":{"name":{"type":"string","description_kind":"plain","optional":true},"namespace":{"type":"string","description_kind":"plain","optional":true},"tenant":{"type":"string","description_kind":"plain","optional":true}},"description_kind":"plain"}}},"description_kind":"plain"}},"node_static_ip":{"nesting_mode":"set","block":{"attributes":{"default_gw":{"type":"string","description_kind":"plain","optional":true},"dns_server":{"type":"string","description_kind":"plain","optional":true},"ip_address":{"type":"string","description_kind":"plain","optional":true}},"description_kind":"plain"}}},"description_kind":"plain"}},"static_ipv6_address":{"nesting_mode":"set","block":{"block_types":{"cluster_static_ip":{"nesting_mode":"set","block":{"block_types":{"interface_ip_map":{"nesting_mode":"set","block":{"attributes":{"name":{"type":"string","description_kind":"plain","required":true}},"block_types":{"value":{"nesting_mode":"set","block":{"attributes":{"default_gw":{"type":"string","description_kind":"plain","optional":true},"dns_server":{"type":"string","description_kind":"plain","optional":true},"ip_address":{"type":"string","description_kind":"plain","optional":true}},"description_kind":"plain"},"min_items":1}},"description_kind":"plain"}}},"description_kind":"plain"}},"fleet_static_ip":{"nesting_mode":"set","block":{"attributes":{"default_gw":{"type":"string","description_kind":"plain","optional":true},"dns_server":{"type":"string","description_kind":"plain","optional":true}},"block_types":{"network_prefix_allocator":{"nesting_mode":"set","block":{"attributes":{"name":{"type":"string","description_kind":"plain","optional":true},"namespace":{"type":"string","description_kind":"plain","optional":true},"tenant":{"type":"string","description_kind":"plain","optional":true}},"description_kind":"plain"}}},"description_kind":"plain"}},"node_static_ip":{"nesting_mode":"set","block":{"attributes":{"default_gw":{"type":"string","description_kind":"plain","optional":true},"dns_server":{"type":"string","description_kind":"plain","optional":true},"ip_address":{"type":"string","description_kind":"plain","optional":true}},"description_kind":"plain"}}},"description_kind":"plain"}}},"description_kind":"plain"}}},"description_kind":"plain"}}},"description_kind":"plain"}}},"description_kind":"plain"}},"enable_vgpu":{"nesting_mode":"set","block":{"attributes":{"feature_type":{"type":"string","description_kind":"plain","optional":true},"server_address":{"type":"string","description_kind":"plain","optional":true},"server_port":{"type":"number","description_kind":"plain","optional":true}},"description_kind":"plain"}},"k8s_cluster":{"nesting_mode":"set","block":{"attributes":{"name":{"type":"string","description_kind":"plain","optional":true},"namespace":{"type":"string","description_kind":"plain","optional":true},"tenant":{"type":"string","description_kind":"plain","optional":true}},"description_kind":"plain"}},"local_control_plane":{"nesting_mode":"set","block":{"attributes":{"inside_vn":{"type":"bool","description_kind":"plain","optional":true},"outside_vn":{"type":"bool","description_kind":"plain","optional":true}},"block_types":{"bgp_config":{"nesting_mode":"set","block":{"attributes":{"asn":{"type":"number","description_kind":"plain","optional":true}},"block_types":{"peers":{"nesting_mode":"list","block":{"description_kind":"plain"}}},"description_kind":"plain"}}},"description_kind":"plain"}},"log_receiver":{"nesting_mode":"set","block":{"attributes":{"name":{"type":"string","description_kind":"plain","optional":true},"namespace":{"type":"string","description_kind":"plain","optional":true},"tenant":{"type":"string","description_kind":"plain","optional":true}},"description_kind":"plain"}},"os":{"nesting_mode":"set","block":{"attributes":{"default_os_version":{"type":"bool","description_kind":"plain","optional":true},"operating_system_version":{"type":"string","description_kind":"plain","optional":true}},"description_kind":"plain"}},"sw":{"nesting_mode":"set","block":{"attributes":{"default_sw_version":{"type":"bool","description_kind":"plain","optional":true},"volterra_software_version":{"type":"string","description_kind":"plain","optional":true}},"description_kind":"plain"}},"usb_policy":{"nesting_mode":"set","block":{"attributes":{"name":{"type":"string","description_kind":"plain","optional":true},"namespace":{"type":"string","description_kind":"plain","optional":true},"tenant":{"type":"string","description_kind":"plain","optional":true}},"description_kind":"plain"}}},"description_kind":"plain"}},"volterra_vpc_k8s_hostnames":{"version":0,"block":{"attributes":{"id":{"type":"string","description_kind":"plain","optional":true,"computed":true},"name":{"type":"string","description_kind":"plain","required":true},"namespace":{"type":"string","description_kind":"plain","required":true},"node_names":{"type":["list","string"],"description_kind":"plain","required":true}},"description_kind":"plain"}},"volterra_waf":{"version":0,"block":{"attributes":{"annotations":{"type":["map","string"],"description_kind":"plain","optional":true},"description":{"type":"string","description_kind":"plain","optional":true},"disable":{"type":"bool","description_kind":"plain","optional":true},"id":{"type":"string","description_kind":"plain","optional":true,"computed":true},"labels":{"type":["map","string"],"description_kind":"plain","optional":true},"mode":{"type":"string","description_kind":"plain","optional":true},"name":{"type":"string","description_kind":"plain","required":true},"namespace":{"type":"string","description_kind":"plain","required":true}},"block_types":{"app_profile":{"nesting_mode":"set","block":{"attributes":{"cms":{"type":["list","string"],"description_kind":"plain","optional":true},"language":{"type":["list","string"],"description_kind":"plain","optional":true},"webserver":{"type":["list","string"],"description_kind":"plain","optional":true}},"description_kind":"plain"}},"disabled_detection_tags":{"nesting_mode":"set","block":{"attributes":{"detection_tag_type":{"type":["list","string"],"description_kind":"plain","optional":true}},"description_kind":"plain"}}},"description_kind":"plain"}},"volterra_waf_rule_list":{"version":0,"block":{"attributes":{"annotations":{"type":["map","string"],"description_kind":"plain","optional":true},"description":{"type":"string","description_kind":"plain","optional":true},"disable":{"type":"bool","description_kind":"plain","optional":true},"id":{"type":"string","description_kind":"plain","optional":true,"computed":true},"labels":{"type":["map","string"],"description_kind":"plain","optional":true},"name":{"type":"string","description_kind":"plain","required":true},"namespace":{"type":"string","description_kind":"plain","required":true},"rule_ids":{"type":["list","string"],"description_kind":"plain","optional":true}},"description_kind":"plain"}},"volterra_waf_rules":{"version":0,"block":{"attributes":{"annotations":{"type":["map","string"],"description_kind":"plain","optional":true},"anomaly_score_threshold":{"type":"number","description_kind":"plain","required":true},"description":{"type":"string","description_kind":"plain","optional":true},"disable":{"type":"bool","description_kind":"plain","optional":true},"id":{"type":"string","description_kind":"plain","optional":true,"computed":true},"labels":{"type":["map","string"],"description_kind":"plain","optional":true},"mode":{"type":"string","description_kind":"plain","required":true},"name":{"type":"string","description_kind":"plain","required":true},"namespace":{"type":"string","description_kind":"plain","required":true},"paranoia_level":{"type":"number","description_kind":"plain","required":true},"rule_ids":{"type":["list","string"],"description_kind":"plain","optional":true},"rule_list_type":{"type":"string","description_kind":"plain","required":true}},"description_kind":"plain"}}},"data_source_schemas":{"volterra_address_allocator":{"version":0,"block":{"attributes":{"allocation_map":{"type":["map","string"],"description_kind":"plain","computed":true},"id":{"type":"string","description_kind":"plain","optional":true,"computed":true},"mode":{"type":"string","description_kind":"plain","computed":true},"name":{"type":"string","description_kind":"plain","required":true},"namespace":{"type":"string","description_kind":"plain","required":true}},"description_kind":"plain"}},"volterra_namespace":{"version":0,"block":{"attributes":{"id":{"type":"string","description_kind":"plain","optional":true,"computed":true},"name":{"type":"string","description_kind":"plain","required":true},"tenant_name":{"type":"string","description_kind":"plain","computed":true}},"description_kind":"plain"}},"volterra_parse_aws_cgw_configuration":{"version":0,"block":{"attributes":{"customer_gateway_configuration":{"type":"string","description_kind":"plain","required":true},"id":{"type":"string","description_kind":"plain","optional":true,"computed":true},"tunnel1_address":{"type":"string","description_kind":"plain","computed":true},"tunnel1_bgp_asn":{"type":"string","description_kind":"plain","computed":true},"tunnel1_bgp_holdtime":{"type":"number","description_kind":"plain","computed":true},"tunnel1_cgw_inside_address":{"type":"string","description_kind":"plain","computed":true},"tunnel1_vgw_inside_address":{"type":"string","description_kind":"plain","computed":true},"tunnel2_address":{"type":"string","description_kind":"plain","computed":true},"tunnel2_bgp_asn":{"type":"string","description_kind":"plain","computed":true},"tunnel2_bgp_holdtime":{"type":"number","description_kind":"plain","computed":true},"tunnel2_cgw_inside_address":{"type":"string","description_kind":"plain","computed":true},"tunnel2_vgw_inside_address":{"type":"string","description_kind":"plain","computed":true}},"description_kind":"plain"}},"volterra_tunnel":{"version":0,"block":{"attributes":{"id":{"type":"string","description_kind":"plain","optional":true,"computed":true},"ipsec_psk_b64":{"type":"string","description_kind":"plain","computed":true},"name":{"type":"string","description_kind":"plain","required":true},"namespace":{"type":"string","description_kind":"plain","required":true},"type":{"type":"string","description_kind":"plain","computed":true}},"description_kind":"plain"}},"volterra_virtual_host_dns_info":{"version":0,"block":{"attributes":{"dns_info":{"type":["set",["object",{"ip_address":"string"}]],"description_kind":"plain","computed":true},"host_name":{"type":"string","description_kind":"plain","computed":true},"id":{"type":"string","description_kind":"plain","optional":true,"computed":true},"name":{"type":"string","description_kind":"plain","required":true},"namespace":{"type":"string","description_kind":"plain","required":true}},"description_kind":"plain"}}}}}}
