{"format_version":"0.2","provider_schemas":{"registry.terraform.io/zerotier/zerotier":{"provider":{"version":0,"block":{"attributes":{"zerotier_central_token":{"type":"string","description":"ZeroTier Central API Token; you can generate a new one at https://my.zerotier.com/account.","description_kind":"plain","required":true},"zerotier_central_url":{"type":"string","description":"ZeroTier Central API endpoint. Unlikely you'll need to alter this unless you're testing ZeroTier central itself.","description_kind":"plain","optional":true}},"description_kind":"plain"}},"resource_schemas":{"zerotier_identity":{"version":0,"block":{"attributes":{"id":{"type":"string","description_kind":"plain","optional":true,"computed":true},"private_key":{"type":"string","description":"The private key of the identity.","description_kind":"plain","computed":true,"sensitive":true},"public_key":{"type":"string","description":"The public key of the identity.","description_kind":"plain","computed":true}},"description":"Identity generator for ZeroTier members. Use this provider with others to authenticate and join users to your networks.","description_kind":"plain"}},"zerotier_member":{"version":0,"block":{"attributes":{"allow_ethernet_bridging":{"type":"bool","description":"Is this member allowed to activate ethernet bridging over the ZeroTier network?","description_kind":"plain","optional":true},"authorized":{"type":"bool","description":"Is the member authorized on the network?","description_kind":"plain","optional":true},"capabilities":{"type":["list","number"],"description":"List of network capabilities","description_kind":"plain","optional":true,"computed":true},"description":{"type":"string","description":"Text description of this member.","description_kind":"plain","optional":true},"hidden":{"type":"bool","description":"Is this member visible?","description_kind":"plain","optional":true},"id":{"type":"string","description_kind":"plain","optional":true,"computed":true},"ip_assignments":{"type":["list","string"],"description":"List of IP address assignments","description_kind":"plain","optional":true,"computed":true},"member_id":{"type":"string","description":"ID of this member.","description_kind":"plain","required":true},"name":{"type":"string","description":"Descriptive name of this member.","description_kind":"plain","optional":true,"computed":true},"network_id":{"type":"string","description":"ID of the network this member belongs to","description_kind":"plain","required":true},"no_auto_assign_ips":{"type":"bool","description":"Exempt this member from the IP auto assignment pool on a Network","description_kind":"plain","optional":true},"tags":{"type":["list",["list","number"]],"description":"List of network tags","description_kind":"plain","optional":true,"computed":true}},"description":"Manage ZeroTier members and join them to networks","description_kind":"plain"}},"zerotier_network":{"version":0,"block":{"attributes":{"creation_time":{"type":"number","description":"The time at which this network was created, in epoch seconds","description_kind":"plain","computed":true},"description":{"type":"string","description":"The description of the network","description_kind":"plain","optional":true},"enable_broadcast":{"type":"bool","description":"Enable broadcast packets on the network","description_kind":"plain","optional":true},"flow_rules":{"type":"string","description":"The layer 2 flow rules to apply to packets traveling across this network. Please see https://www.zerotier.com/manual/#3_4_1 for more information.","description_kind":"plain","optional":true},"id":{"type":"string","description":"ZeroTier's internal network identifier, aka NetworkID","description_kind":"plain","optional":true,"computed":true},"multicast_limit":{"type":"number","description":"Maximum number of recipients per multicast or broadcast. Warning - Setting this to 0 will disable IPv4 communication on your network!","description_kind":"plain","optional":true},"name":{"type":"string","description":"The name of the network","description_kind":"plain","optional":true,"computed":true},"private":{"type":"bool","description":"Whether or not the network is private.  If false, members will *NOT* need to be authorized to join.","description_kind":"plain","optional":true}},"block_types":{"assign_ipv4":{"nesting_mode":"set","block":{"attributes":{"zerotier":{"type":"bool","description":"Use zerotier ipv4 addressing","description_kind":"plain","optional":true}},"description":"IPv4 Assignment RuleSets","description_kind":"plain"}},"assign_ipv6":{"nesting_mode":"set","block":{"attributes":{"rfc4193":{"type":"bool","description":"RFC4193 addressing method","description_kind":"plain","optional":true},"sixplane":{"type":"bool","description":"6PLANE addressing method","description_kind":"plain","optional":true},"zerotier":{"type":"bool","description":"Use zerotier ipv6 manual addressing","description_kind":"plain","optional":true}},"description":"IPv6 Assignment RuleSets","description_kind":"plain"}},"assignment_pool":{"nesting_mode":"set","block":{"attributes":{"end":{"type":"string","description":"The last address in the assignment rule. This must be the highest number in the pool. end must also be accompanied by start.","description_kind":"plain","optional":true},"start":{"type":"string","description":"The first address in the assignment rule. This must be the lowest number in the pool. `start` must also be accompanied by `end`.","description_kind":"plain","optional":true}},"description_kind":"plain"}},"route":{"nesting_mode":"set","block":{"attributes":{"target":{"type":"string","description":"Network to route for","description_kind":"plain","required":true},"via":{"type":"string","description":"Gateway address","description_kind":"plain","optional":true}},"description_kind":"plain"}}},"description":"Network provider for ZeroTier, allows you to create ZeroTier networks.","description_kind":"plain"}},"zerotier_token":{"version":0,"block":{"attributes":{"id":{"type":"string","description_kind":"plain","optional":true,"computed":true},"name":{"type":"string","description":"The name of the token; if you do not supply this value, one will be generated","description_kind":"plain","optional":true,"computed":true},"token":{"type":"string","description":"The value of the token","description_kind":"plain","computed":true,"sensitive":true}},"description":"Generate API tokens for Central.","description_kind":"plain"}}},"data_source_schemas":{"zerotier_network":{"version":0,"block":{"attributes":{"creation_time":{"type":"number","description":"The time at which this network was created, in epoch seconds","description_kind":"plain","computed":true},"description":{"type":"string","description":"The description of the network","description_kind":"plain","optional":true},"enable_broadcast":{"type":"bool","description":"Enable broadcast packets on the network","description_kind":"plain","optional":true},"flow_rules":{"type":"string","description":"The layer 2 flow rules to apply to packets traveling across this network. Please see https://www.zerotier.com/manual/#3_4_1 for more information.","description_kind":"plain","optional":true},"id":{"type":"string","description":"ZeroTier's internal network identifier, aka NetworkID","description_kind":"plain","optional":true,"computed":true},"multicast_limit":{"type":"number","description":"Maximum number of recipients per multicast or broadcast. Warning - Setting this to 0 will disable IPv4 communication on your network!","description_kind":"plain","optional":true},"name":{"type":"string","description":"The name of the network","description_kind":"plain","optional":true,"computed":true},"private":{"type":"bool","description":"Whether or not the network is private.  If false, members will *NOT* need to be authorized to join.","description_kind":"plain","optional":true}},"block_types":{"assign_ipv4":{"nesting_mode":"set","block":{"attributes":{"zerotier":{"type":"bool","description":"Use zerotier ipv4 addressing","description_kind":"plain","optional":true}},"description":"IPv4 Assignment RuleSets","description_kind":"plain"}},"assign_ipv6":{"nesting_mode":"set","block":{"attributes":{"rfc4193":{"type":"bool","description":"RFC4193 addressing method","description_kind":"plain","optional":true},"sixplane":{"type":"bool","description":"6PLANE addressing method","description_kind":"plain","optional":true},"zerotier":{"type":"bool","description":"Use zerotier ipv6 manual addressing","description_kind":"plain","optional":true}},"description":"IPv6 Assignment RuleSets","description_kind":"plain"}},"assignment_pool":{"nesting_mode":"set","block":{"attributes":{"end":{"type":"string","description":"The last address in the assignment rule. This must be the highest number in the pool. end must also be accompanied by start.","description_kind":"plain","optional":true},"start":{"type":"string","description":"The first address in the assignment rule. This must be the lowest number in the pool. `start` must also be accompanied by `end`.","description_kind":"plain","optional":true}},"description_kind":"plain"}},"route":{"nesting_mode":"set","block":{"attributes":{"target":{"type":"string","description":"Network to route for","description_kind":"plain","required":true},"via":{"type":"string","description":"Gateway address","description_kind":"plain","optional":true}},"description_kind":"plain"}}},"description":"Data source for ZeroTier networks, allowing you to find a network by ID","description_kind":"plain"}}}}}}
