{"format_version":"0.2","provider_schemas":{"registry.terraform.io/hashicorp/oraclepaas":{"provider":{"version":0,"block":{"attributes":{"application_endpoint":{"type":"string","description":"The HTTP endpoint for the Oracle Application operations","description_kind":"plain","optional":true},"database_endpoint":{"type":"string","description":"The HTTP endpoint for Oracle Database operations.","description_kind":"plain","optional":true},"identity_domain":{"type":"string","description":"The OPAAS identity domain for API operations","description_kind":"plain","required":true},"insecure":{"type":"bool","description":"Skip TLS Verification for self-signed certificates. Should only be used if absolutely required.","description_kind":"plain","optional":true},"java_endpoint":{"type":"string","description":"The HTTP endpoint for Oracle Java operations.","description_kind":"plain","optional":true},"max_retries":{"type":"number","description":"Maximum number retries to wait for a successful response when operating on resources within OPAAS (defaults to 1)","description_kind":"plain","optional":true},"mysql_endpoint":{"type":"string","description":"The HTTP endpoint for Oracle MySQL operations.","description_kind":"plain","optional":true},"password":{"type":"string","description":"The user password for OPAAS API operations.","description_kind":"plain","required":true},"user":{"type":"string","description":"The user name for OPAAS API operations.","description_kind":"plain","required":true}},"description_kind":"plain"}},"resource_schemas":{"oraclepaas_application_container":{"version":0,"block":{"attributes":{"app_url":{"type":"string","description_kind":"plain","computed":true},"archive_url":{"type":"string","description_kind":"plain","optional":true},"auth_type":{"type":"string","description_kind":"plain","optional":true},"availability_domain":{"type":["list","string"],"description_kind":"plain","optional":true},"deployment_file":{"type":"string","description_kind":"plain","optional":true},"git_password":{"type":"string","description_kind":"plain","optional":true,"sensitive":true},"git_repository":{"type":"string","description_kind":"plain","optional":true},"git_username":{"type":"string","description_kind":"plain","optional":true},"id":{"type":"string","description_kind":"plain","optional":true,"computed":true},"load_balancer_subnets":{"type":["list","string"],"description_kind":"plain","optional":true},"manifest_file":{"type":"string","description_kind":"plain","optional":true},"name":{"type":"string","description_kind":"plain","required":true},"notes":{"type":"string","description_kind":"plain","optional":true},"notification_email":{"type":"string","description_kind":"plain","optional":true},"region":{"type":"string","description_kind":"plain","optional":true},"runtime":{"type":"string","description_kind":"plain","optional":true},"subscription_type":{"type":"string","description_kind":"plain","optional":true},"tags":{"type":["map","string"],"description_kind":"plain","optional":true},"web_url":{"type":"string","description_kind":"plain","computed":true}},"block_types":{"deployment":{"nesting_mode":"list","block":{"attributes":{"environment":{"type":["map","string"],"description_kind":"plain","optional":true},"instances":{"type":"number","description_kind":"plain","optional":true},"java_system_properties":{"type":["map","string"],"description_kind":"plain","optional":true},"memory":{"type":"string","description_kind":"plain","optional":true},"notes":{"type":"string","description_kind":"plain","optional":true},"secure_environment":{"type":["set","string"],"description_kind":"plain","optional":true}},"block_types":{"services":{"nesting_mode":"list","block":{"attributes":{"identifier":{"type":"string","description_kind":"plain","required":true},"name":{"type":"string","description_kind":"plain","required":true},"password":{"type":"string","description_kind":"plain","required":true,"sensitive":true},"type":{"type":"string","description_kind":"plain","required":true},"username":{"type":"string","description_kind":"plain","required":true}},"description_kind":"plain"}}},"description_kind":"plain"},"max_items":1},"manifest":{"nesting_mode":"list","block":{"attributes":{"clustered":{"type":"bool","description_kind":"plain","optional":true},"command":{"type":"string","description_kind":"plain","optional":true},"health_check_endpoint":{"type":"string","description_kind":"plain","optional":true},"home":{"type":"string","description_kind":"plain","optional":true},"mode":{"type":"string","description_kind":"plain","optional":true},"notes":{"type":"string","description_kind":"plain","optional":true},"shutdown_time":{"type":"number","description_kind":"plain","optional":true},"startup_time":{"type":"number","description_kind":"plain","optional":true},"type":{"type":"string","description_kind":"plain","optional":true}},"block_types":{"release":{"nesting_mode":"list","block":{"attributes":{"build":{"type":"string","description_kind":"plain","optional":true},"commit":{"type":"string","description_kind":"plain","optional":true},"version":{"type":"string","description_kind":"plain","optional":true}},"description_kind":"plain"},"max_items":1},"runtime":{"nesting_mode":"list","block":{"attributes":{"major_version":{"type":"string","description_kind":"plain","required":true}},"description_kind":"plain"},"max_items":1}},"description_kind":"plain"},"max_items":1},"timeouts":{"nesting_mode":"single","block":{"attributes":{"create":{"type":"string","description_kind":"plain","optional":true},"delete":{"type":"string","description_kind":"plain","optional":true}},"description_kind":"plain"}}},"description_kind":"plain"}},"oraclepaas_database_access_rule":{"version":0,"block":{"attributes":{"description":{"type":"string","description_kind":"plain","required":true},"destination":{"type":"string","description_kind":"plain","optional":true},"enabled":{"type":"bool","description_kind":"plain","optional":true},"id":{"type":"string","description_kind":"plain","optional":true,"computed":true},"name":{"type":"string","description_kind":"plain","required":true},"ports":{"type":"string","description_kind":"plain","required":true},"service_instance_id":{"type":"string","description_kind":"plain","required":true},"source":{"type":"string","description_kind":"plain","required":true}},"block_types":{"timeouts":{"nesting_mode":"single","block":{"attributes":{"create":{"type":"string","description_kind":"plain","optional":true},"delete":{"type":"string","description_kind":"plain","optional":true}},"description_kind":"plain"}}},"description_kind":"plain"}},"oraclepaas_database_service_instance":{"version":0,"block":{"attributes":{"availability_domain":{"type":"string","description_kind":"plain","optional":true},"bring_your_own_license":{"type":"bool","description_kind":"plain","optional":true},"cloud_storage_container":{"type":"string","description_kind":"plain","computed":true},"compute_site_name":{"type":"string","description_kind":"plain","computed":true},"dbaas_monitor_url":{"type":"string","description_kind":"plain","computed":true},"description":{"type":"string","description_kind":"plain","optional":true},"desired_state":{"type":"string","description_kind":"plain","optional":true},"edition":{"type":"string","description_kind":"plain","required":true},"em_url":{"type":"string","description_kind":"plain","computed":true},"glassfish_url":{"type":"string","description_kind":"plain","computed":true},"high_performance_storage":{"type":"bool","description_kind":"plain","optional":true},"id":{"type":"string","description_kind":"plain","optional":true,"computed":true},"identity_domain":{"type":"string","description_kind":"plain","computed":true},"ip_network":{"type":"string","description_kind":"plain","optional":true},"ip_reservations":{"type":["list","string"],"description_kind":"plain","optional":true},"level":{"type":"string","description_kind":"plain","optional":true},"name":{"type":"string","description_kind":"plain","required":true},"notification_email":{"type":"string","description_kind":"plain","optional":true},"region":{"type":"string","description_kind":"plain","optional":true,"computed":true},"shape":{"type":"string","description_kind":"plain","required":true},"ssh_public_key":{"type":"string","description_kind":"plain","required":true},"status":{"type":"string","description_kind":"plain","computed":true},"subnet":{"type":"string","description_kind":"plain","optional":true},"subscription_type":{"type":"string","description_kind":"plain","required":true},"uri":{"type":"string","description_kind":"plain","computed":true},"version":{"type":"string","description_kind":"plain","required":true}},"block_types":{"backups":{"nesting_mode":"list","block":{"attributes":{"cloud_storage_container":{"type":"string","description_kind":"plain","required":true},"cloud_storage_password":{"type":"string","description_kind":"plain","optional":true,"computed":true,"sensitive":true},"cloud_storage_username":{"type":"string","description_kind":"plain","optional":true,"computed":true,"sensitive":true},"create_if_missing":{"type":"bool","description_kind":"plain","optional":true}},"description_kind":"plain"},"max_items":1},"database_configuration":{"nesting_mode":"list","block":{"attributes":{"admin_password":{"type":"string","description_kind":"plain","required":true,"sensitive":true},"backup_destination":{"type":"string","description_kind":"plain","optional":true},"backup_storage_volume_size":{"type":"number","description_kind":"plain","optional":true},"character_set":{"type":"string","description_kind":"plain","optional":true,"computed":true},"data_storage_volume_size":{"type":"number","description_kind":"plain","optional":true},"db_demo":{"type":"string","description_kind":"plain","optional":true},"disaster_recovery":{"type":"bool","description_kind":"plain","optional":true},"failover_database":{"type":"bool","description_kind":"plain","optional":true},"golden_gate":{"type":"bool","description_kind":"plain","optional":true},"is_rac":{"type":"bool","description_kind":"plain","optional":true},"national_character_set":{"type":"string","description_kind":"plain","optional":true,"computed":true},"pdb_name":{"type":"string","description_kind":"plain","optional":true,"computed":true},"sid":{"type":"string","description_kind":"plain","optional":true},"snapshot_name":{"type":"string","description_kind":"plain","optional":true},"source_service_name":{"type":"string","description_kind":"plain","optional":true},"timezone":{"type":"string","description_kind":"plain","optional":true},"type":{"type":"string","description_kind":"plain","optional":true},"usable_storage":{"type":"number","description_kind":"plain","required":true}},"description_kind":"plain"},"min_items":1,"max_items":1},"default_access_rules":{"nesting_mode":"list","block":{"attributes":{"enable_db_console":{"type":"bool","description_kind":"plain","optional":true,"computed":true},"enable_db_express":{"type":"bool","description_kind":"plain","optional":true,"computed":true},"enable_db_listener":{"type":"bool","description_kind":"plain","optional":true,"computed":true},"enable_em_console":{"type":"bool","description_kind":"plain","optional":true,"computed":true},"enable_http":{"type":"bool","description_kind":"plain","optional":true,"computed":true},"enable_http_ssl":{"type":"bool","description_kind":"plain","optional":true,"computed":true},"enable_rac_db_listener":{"type":"bool","description_kind":"plain","optional":true,"computed":true},"enable_rac_ons":{"type":"bool","description_kind":"plain","optional":true,"computed":true},"enable_scan_listener":{"type":"bool","description_kind":"plain","optional":true,"computed":true},"enable_ssh":{"type":"bool","description_kind":"plain","optional":true,"computed":true}},"description_kind":"plain"},"max_items":1},"hybrid_disaster_recovery":{"nesting_mode":"list","block":{"attributes":{"cloud_storage_container":{"type":"string","description_kind":"plain","required":true},"cloud_storage_password":{"type":"string","description_kind":"plain","optional":true,"sensitive":true},"cloud_storage_username":{"type":"string","description_kind":"plain","optional":true}},"description_kind":"plain"},"max_items":1},"instantiate_from_backup":{"nesting_mode":"list","block":{"attributes":{"cloud_storage_container":{"type":"string","description_kind":"plain","required":true},"cloud_storage_password":{"type":"string","description_kind":"plain","optional":true,"computed":true,"sensitive":true},"cloud_storage_username":{"type":"string","description_kind":"plain","optional":true,"computed":true,"sensitive":true},"database_id":{"type":"string","description_kind":"plain","required":true},"decryption_key":{"type":"string","description_kind":"plain","optional":true},"on_premise":{"type":"bool","description_kind":"plain","optional":true},"service_id":{"type":"string","description_kind":"plain","optional":true},"wallet_file_content":{"type":"string","description_kind":"plain","optional":true}},"description_kind":"plain"},"max_items":1},"standby":{"nesting_mode":"list","block":{"attributes":{"availability_domain":{"type":"string","description_kind":"plain","required":true},"subnet":{"type":"string","description_kind":"plain","required":true}},"description_kind":"plain"},"max_items":1},"timeouts":{"nesting_mode":"single","block":{"attributes":{"create":{"type":"string","description_kind":"plain","optional":true},"delete":{"type":"string","description_kind":"plain","optional":true},"update":{"type":"string","description_kind":"plain","optional":true}},"description_kind":"plain"}}},"description_kind":"plain"}},"oraclepaas_java_access_rule":{"version":0,"block":{"attributes":{"description":{"type":"string","description_kind":"plain","required":true},"destination":{"type":"string","description_kind":"plain","required":true},"enabled":{"type":"bool","description_kind":"plain","optional":true},"id":{"type":"string","description_kind":"plain","optional":true,"computed":true},"name":{"type":"string","description_kind":"plain","required":true},"ports":{"type":"string","description_kind":"plain","required":true},"protocol":{"type":"string","description_kind":"plain","optional":true},"service_instance_id":{"type":"string","description_kind":"plain","required":true},"source":{"type":"string","description_kind":"plain","required":true}},"block_types":{"timeouts":{"nesting_mode":"single","block":{"attributes":{"create":{"type":"string","description_kind":"plain","optional":true},"delete":{"type":"string","description_kind":"plain","optional":true}},"description_kind":"plain"}}},"description_kind":"plain"}},"oraclepaas_java_service_instance":{"version":0,"block":{"attributes":{"assign_public_ip":{"type":"bool","description_kind":"plain","optional":true},"availability_domain":{"type":"string","description_kind":"plain","optional":true},"backup_destination":{"type":"string","description_kind":"plain","optional":true},"bring_your_own_license":{"type":"bool","description_kind":"plain","optional":true},"description":{"type":"string","description_kind":"plain","optional":true,"computed":true},"desired_state":{"type":"string","description_kind":"plain","optional":true},"edition":{"type":"string","description_kind":"plain","required":true},"enable_admin_console":{"type":"bool","description_kind":"plain","optional":true},"force_delete":{"type":"bool","description_kind":"plain","optional":true},"id":{"type":"string","description_kind":"plain","optional":true,"computed":true},"ip_network":{"type":"string","description_kind":"plain","optional":true},"level":{"type":"string","description_kind":"plain","optional":true},"metering_frequency":{"type":"string","description_kind":"plain","optional":true},"name":{"type":"string","description_kind":"plain","required":true},"notification_email":{"type":"string","description_kind":"plain","optional":true},"region":{"type":"string","description_kind":"plain","optional":true,"computed":true},"service_version":{"type":"string","description_kind":"plain","optional":true},"snapshot_name":{"type":"string","description_kind":"plain","optional":true},"source_service_name":{"type":"string","description_kind":"plain","optional":true},"ssh_public_key":{"type":"string","description_kind":"plain","required":true},"status":{"type":"string","description_kind":"plain","computed":true},"subnet":{"type":"string","description_kind":"plain","optional":true},"use_identity_service":{"type":"bool","description_kind":"plain","optional":true}},"block_types":{"backups":{"nesting_mode":"list","block":{"attributes":{"auto_generate":{"type":"bool","description_kind":"plain","optional":true},"cloud_storage_container":{"type":"string","description_kind":"plain","required":true},"cloud_storage_password":{"type":"string","description_kind":"plain","optional":true,"computed":true,"sensitive":true},"cloud_storage_username":{"type":"string","description_kind":"plain","optional":true,"computed":true,"sensitive":true},"use_oauth_for_storage":{"type":"bool","description_kind":"plain","optional":true}},"description_kind":"plain"},"min_items":1,"max_items":1},"load_balancer":{"nesting_mode":"list","block":{"attributes":{"admin_url":{"type":"string","description_kind":"plain","computed":true},"console_url":{"type":"string","description_kind":"plain","computed":true},"load_balancing_policy":{"type":"string","description_kind":"plain","optional":true},"subnets":{"type":["set","string"],"description_kind":"plain","optional":true},"url":{"type":"string","description_kind":"plain","computed":true}},"description_kind":"plain"},"max_items":1},"oracle_traffic_director":{"nesting_mode":"list","block":{"attributes":{"high_availability":{"type":"bool","description_kind":"plain","optional":true},"ip_reservations":{"type":["list","string"],"description_kind":"plain","optional":true},"load_balancing_policy":{"type":"string","description_kind":"plain","optional":true},"root_url":{"type":"string","description_kind":"plain","computed":true},"shape":{"type":"string","description_kind":"plain","required":true}},"block_types":{"admin":{"nesting_mode":"list","block":{"attributes":{"hostname":{"type":"string","description_kind":"plain","computed":true},"password":{"type":"string","description_kind":"plain","required":true,"sensitive":true},"port":{"type":"number","description_kind":"plain","optional":true},"username":{"type":"string","description_kind":"plain","required":true}},"description_kind":"plain"},"min_items":1,"max_items":1},"listener":{"nesting_mode":"list","block":{"attributes":{"port":{"type":"number","description_kind":"plain","optional":true},"privileged_port":{"type":"number","description_kind":"plain","optional":true,"computed":true},"privileged_secured_port":{"type":"number","description_kind":"plain","optional":true,"computed":true},"secured_port":{"type":"number","description_kind":"plain","optional":true,"computed":true}},"description_kind":"plain"},"max_items":1}},"description_kind":"plain"},"max_items":1},"timeouts":{"nesting_mode":"single","block":{"attributes":{"create":{"type":"string","description_kind":"plain","optional":true},"delete":{"type":"string","description_kind":"plain","optional":true},"update":{"type":"string","description_kind":"plain","optional":true}},"description_kind":"plain"}},"weblogic_server":{"nesting_mode":"list","block":{"attributes":{"backup_volume_size":{"type":"string","description_kind":"plain","optional":true},"cluster_name":{"type":"string","description_kind":"plain","optional":true,"computed":true},"connect_string":{"type":"string","description_kind":"plain","optional":true},"ip_reservations":{"type":["list","string"],"description_kind":"plain","optional":true},"middleware_volume_size":{"type":"string","description_kind":"plain","optional":true,"computed":true},"root_url":{"type":"string","description_kind":"plain","computed":true},"shape":{"type":"string","description_kind":"plain","required":true},"upper_stack_product_name":{"type":"string","description_kind":"plain","optional":true}},"block_types":{"admin":{"nesting_mode":"list","block":{"attributes":{"hostname":{"type":"string","description_kind":"plain","computed":true},"password":{"type":"string","description_kind":"plain","required":true,"sensitive":true},"port":{"type":"number","description_kind":"plain","optional":true},"secured_port":{"type":"number","description_kind":"plain","optional":true},"username":{"type":"string","description_kind":"plain","required":true}},"description_kind":"plain"},"min_items":1,"max_items":1},"application_database":{"nesting_mode":"set","block":{"attributes":{"name":{"type":"string","description_kind":"plain","required":true},"password":{"type":"string","description_kind":"plain","required":true},"pdb_name":{"type":"string","description_kind":"plain","optional":true,"computed":true},"username":{"type":"string","description_kind":"plain","required":true}},"description_kind":"plain"}},"cluster":{"nesting_mode":"list","block":{"attributes":{"name":{"type":"string","description_kind":"plain","required":true},"path_prefixes":{"type":["set","string"],"description_kind":"plain","optional":true},"server_count":{"type":"number","description_kind":"plain","optional":true},"servers_per_node":{"type":"number","description_kind":"plain","optional":true},"shape":{"type":"string","description_kind":"plain","optional":true,"computed":true},"type":{"type":"string","description_kind":"plain","required":true}},"description_kind":"plain"}},"database":{"nesting_mode":"list","block":{"attributes":{"hostname":{"type":"string","description_kind":"plain","computed":true},"name":{"type":"string","description_kind":"plain","optional":true},"password":{"type":"string","description_kind":"plain","required":true,"sensitive":true},"pdb_name":{"type":"string","description_kind":"plain","optional":true},"username":{"type":"string","description_kind":"plain","required":true}},"description_kind":"plain"},"min_items":1,"max_items":1},"domain":{"nesting_mode":"list","block":{"attributes":{"mode":{"type":"string","description_kind":"plain","optional":true},"name":{"type":"string","description_kind":"plain","optional":true,"computed":true},"partition_count":{"type":"number","description_kind":"plain","optional":true},"volume_size":{"type":"string","description_kind":"plain","optional":true}},"description_kind":"plain"},"max_items":1},"managed_servers":{"nesting_mode":"list","block":{"attributes":{"initial_heap_size":{"type":"number","description_kind":"plain","optional":true},"initial_permanent_generation":{"type":"number","description_kind":"plain","optional":true},"jvm_args":{"type":"string","description_kind":"plain","optional":true},"max_heap_size":{"type":"number","description_kind":"plain","optional":true},"max_permanent_generation":{"type":"number","description_kind":"plain","optional":true},"overwrite_jvm_args":{"type":"bool","description_kind":"plain","optional":true},"server_count":{"type":"number","description_kind":"plain","optional":true}},"description_kind":"plain"},"max_items":1},"node_manager":{"nesting_mode":"list","block":{"attributes":{"password":{"type":"string","description_kind":"plain","optional":true,"computed":true,"sensitive":true},"port":{"type":"number","description_kind":"plain","optional":true},"username":{"type":"string","description_kind":"plain","optional":true,"computed":true,"sensitive":true}},"description_kind":"plain"},"max_items":1},"ports":{"nesting_mode":"list","block":{"attributes":{"content_port":{"type":"number","description_kind":"plain","optional":true},"deployment_channel_port":{"type":"number","description_kind":"plain","optional":true},"privileged_content_port":{"type":"number","description_kind":"plain","optional":true},"privileged_secured_content_port":{"type":"number","description_kind":"plain","optional":true}},"description_kind":"plain"},"max_items":1}},"description_kind":"plain"},"min_items":1,"max_items":1}},"description_kind":"plain"}},"oraclepaas_mysql_access_rule":{"version":0,"block":{"attributes":{"description":{"type":"string","description_kind":"plain","optional":true},"destination":{"type":"string","description_kind":"plain","required":true},"enabled":{"type":"bool","description_kind":"plain","optional":true},"id":{"type":"string","description_kind":"plain","optional":true,"computed":true},"name":{"type":"string","description_kind":"plain","required":true},"ports":{"type":"string","description_kind":"plain","required":true},"protocol":{"type":"string","description_kind":"plain","optional":true},"service_instance_id":{"type":"string","description_kind":"plain","required":true},"source":{"type":"string","description_kind":"plain","required":true},"type":{"type":"string","description_kind":"plain","computed":true}},"block_types":{"timeouts":{"nesting_mode":"single","block":{"attributes":{"create":{"type":"string","description_kind":"plain","optional":true},"delete":{"type":"string","description_kind":"plain","optional":true}},"description_kind":"plain"}}},"description_kind":"plain"}},"oraclepaas_mysql_service_instance":{"version":0,"block":{"attributes":{"availability_domain":{"type":"string","description_kind":"plain","optional":true},"backup_destination":{"type":"string","description_kind":"plain","optional":true},"base_release_version":{"type":"string","description_kind":"plain","computed":true},"description":{"type":"string","description_kind":"plain","optional":true},"em_url":{"type":"string","description_kind":"plain","computed":true},"id":{"type":"string","description_kind":"plain","optional":true,"computed":true},"ip_network":{"type":"string","description_kind":"plain","optional":true},"metering_frequency":{"type":"string","description_kind":"plain","optional":true},"name":{"type":"string","description_kind":"plain","required":true},"notification_email":{"type":"string","description_kind":"plain","optional":true},"region":{"type":"string","description_kind":"plain","optional":true,"computed":true},"release_version":{"type":"string","description_kind":"plain","computed":true},"service_version":{"type":"string","description_kind":"plain","computed":true},"shape":{"type":"string","description_kind":"plain","required":true},"ssh_public_key":{"type":"string","description_kind":"plain","required":true},"subnet":{"type":"string","description_kind":"plain","optional":true},"vm_user":{"type":"string","description_kind":"plain","optional":true,"sensitive":true}},"block_types":{"backups":{"nesting_mode":"list","block":{"attributes":{"cloud_storage_container":{"type":"string","description_kind":"plain","required":true},"cloud_storage_password":{"type":"string","description_kind":"plain","optional":true,"computed":true,"sensitive":true},"cloud_storage_username":{"type":"string","description_kind":"plain","optional":true,"computed":true,"sensitive":true},"create_if_missing":{"type":"bool","description_kind":"plain","optional":true}},"description_kind":"plain"},"max_items":1},"mysql_configuration":{"nesting_mode":"list","block":{"attributes":{"connect_string":{"type":"string","description_kind":"plain","computed":true},"db_name":{"type":"string","description_kind":"plain","optional":true},"db_storage":{"type":"number","description_kind":"plain","optional":true},"ip_address":{"type":"string","description_kind":"plain","computed":true},"mysql_charset":{"type":"string","description_kind":"plain","optional":true,"computed":true},"mysql_collation":{"type":"string","description_kind":"plain","optional":true,"computed":true},"mysql_password":{"type":"string","description_kind":"plain","optional":true,"sensitive":true},"mysql_port":{"type":"number","description_kind":"plain","optional":true},"mysql_username":{"type":"string","description_kind":"plain","optional":true,"sensitive":true},"public_ip_address":{"type":"string","description_kind":"plain","computed":true},"snapshot_name":{"type":"string","description_kind":"plain","optional":true},"source_service_name":{"type":"string","description_kind":"plain","optional":true}},"block_types":{"enterprise_monitor_configuration":{"nesting_mode":"list","block":{"attributes":{"em_agent_password":{"type":"string","description_kind":"plain","optional":true,"sensitive":true},"em_agent_username":{"type":"string","description_kind":"plain","optional":true,"sensitive":true},"em_password":{"type":"string","description_kind":"plain","optional":true,"sensitive":true},"em_port":{"type":"number","description_kind":"plain","optional":true,"computed":true},"em_username":{"type":"string","description_kind":"plain","optional":true,"sensitive":true}},"description_kind":"plain"},"max_items":1}},"description_kind":"plain"},"min_items":1,"max_items":1},"timeouts":{"nesting_mode":"single","block":{"attributes":{"create":{"type":"string","description_kind":"plain","optional":true},"delete":{"type":"string","description_kind":"plain","optional":true}},"description_kind":"plain"}}},"description_kind":"plain"}}},"data_source_schemas":{"oraclepaas_database_service_instance":{"version":0,"block":{"attributes":{"apex_url":{"type":"string","description_kind":"plain","computed":true},"availability_domain":{"type":"string","description_kind":"plain","computed":true},"backup_destination":{"type":"string","description_kind":"plain","computed":true},"bring_your_own_license":{"type":"bool","description_kind":"plain","computed":true},"character_set":{"type":"string","description_kind":"plain","computed":true},"cloud_storage_container":{"type":"string","description_kind":"plain","computed":true},"compute_site_name":{"type":"string","description_kind":"plain","computed":true},"description":{"type":"string","description_kind":"plain","computed":true},"edition":{"type":"string","description_kind":"plain","computed":true},"enterprise_manager_url":{"type":"string","description_kind":"plain","computed":true},"failover_database":{"type":"bool","description_kind":"plain","computed":true},"glassfish_url":{"type":"string","description_kind":"plain","computed":true},"high_performance_storage":{"type":"bool","description_kind":"plain","computed":true},"hybrid_disaster_recovery_ip":{"type":"string","description_kind":"plain","computed":true},"id":{"type":"string","description_kind":"plain","optional":true,"computed":true},"identity_domain":{"type":"string","description_kind":"plain","computed":true},"ip_network":{"type":"string","description_kind":"plain","computed":true},"ip_reservations":{"type":"string","description_kind":"plain","computed":true},"level":{"type":"string","description_kind":"plain","computed":true},"listener_port":{"type":"number","description_kind":"plain","computed":true},"monitor_url":{"type":"string","description_kind":"plain","computed":true},"name":{"type":"string","description_kind":"plain","required":true},"national_character_set":{"type":"string","description_kind":"plain","computed":true},"pluggable_database_name":{"type":"string","description_kind":"plain","computed":true},"region":{"type":"string","description_kind":"plain","computed":true},"shape":{"type":"string","description_kind":"plain","computed":true},"uri":{"type":"string","description_kind":"plain","computed":true},"version":{"type":"string","description_kind":"plain","computed":true}},"description_kind":"plain"}}}}}}
