{"format_version":"0.2","provider_schemas":{"registry.terraform.io/hashicorp/azurestack":{"provider":{"version":0,"block":{"attributes":{"arm_endpoint":{"type":"string","description_kind":"plain","optional":true},"client_certificate_password":{"type":"string","description_kind":"plain","optional":true},"client_certificate_path":{"type":"string","description_kind":"plain","optional":true},"client_id":{"type":"string","description_kind":"plain","optional":true},"client_secret":{"type":"string","description_kind":"plain","optional":true},"skip_credentials_validation":{"type":"bool","description_kind":"plain","optional":true},"skip_provider_registration":{"type":"bool","description_kind":"plain","optional":true},"subscription_id":{"type":"string","description_kind":"plain","optional":true},"tenant_id":{"type":"string","description_kind":"plain","optional":true}},"description_kind":"plain"}},"resource_schemas":{"azurestack_availability_set":{"version":0,"block":{"attributes":{"id":{"type":"string","description_kind":"plain","optional":true,"computed":true},"location":{"type":"string","description_kind":"plain","required":true},"managed":{"type":"bool","description_kind":"plain","optional":true},"name":{"type":"string","description_kind":"plain","required":true},"platform_fault_domain_count":{"type":"number","description_kind":"plain","optional":true},"platform_update_domain_count":{"type":"number","description_kind":"plain","optional":true},"resource_group_name":{"type":"string","description_kind":"plain","required":true},"tags":{"type":["map","string"],"description_kind":"plain","optional":true,"computed":true}},"description_kind":"plain"}},"azurestack_dns_a_record":{"version":0,"block":{"attributes":{"id":{"type":"string","description_kind":"plain","optional":true,"computed":true},"name":{"type":"string","description_kind":"plain","required":true},"records":{"type":["set","string"],"description_kind":"plain","required":true},"resource_group_name":{"type":"string","description_kind":"plain","required":true},"tags":{"type":["map","string"],"description_kind":"plain","optional":true,"computed":true},"ttl":{"type":"number","description_kind":"plain","required":true},"zone_name":{"type":"string","description_kind":"plain","required":true}},"description_kind":"plain"}},"azurestack_dns_zone":{"version":0,"block":{"attributes":{"id":{"type":"string","description_kind":"plain","optional":true,"computed":true},"max_number_of_record_sets":{"type":"number","description_kind":"plain","computed":true},"name":{"type":"string","description_kind":"plain","required":true},"name_servers":{"type":["set","string"],"description_kind":"plain","computed":true},"number_of_record_sets":{"type":"number","description_kind":"plain","computed":true},"resource_group_name":{"type":"string","description_kind":"plain","required":true},"tags":{"type":["map","string"],"description_kind":"plain","optional":true,"computed":true}},"description_kind":"plain"}},"azurestack_lb":{"version":0,"block":{"attributes":{"id":{"type":"string","description_kind":"plain","optional":true,"computed":true},"location":{"type":"string","description_kind":"plain","required":true},"name":{"type":"string","description_kind":"plain","required":true},"private_ip_address":{"type":"string","description_kind":"plain","computed":true},"private_ip_addresses":{"type":["list","string"],"description_kind":"plain","computed":true},"resource_group_name":{"type":"string","description_kind":"plain","required":true},"tags":{"type":["map","string"],"description_kind":"plain","optional":true,"computed":true}},"block_types":{"frontend_ip_configuration":{"nesting_mode":"list","block":{"attributes":{"inbound_nat_rules":{"type":["set","string"],"description_kind":"plain","computed":true},"load_balancer_rules":{"type":["set","string"],"description_kind":"plain","computed":true},"name":{"type":"string","description_kind":"plain","required":true},"private_ip_address":{"type":"string","description_kind":"plain","optional":true,"computed":true},"private_ip_address_allocation":{"type":"string","description_kind":"plain","optional":true,"computed":true},"public_ip_address_id":{"type":"string","description_kind":"plain","optional":true,"computed":true},"subnet_id":{"type":"string","description_kind":"plain","optional":true,"computed":true}},"description_kind":"plain"}}},"description_kind":"plain"}},"azurestack_lb_backend_address_pool":{"version":0,"block":{"attributes":{"backend_ip_configurations":{"type":["set","string"],"description_kind":"plain","computed":true},"id":{"type":"string","description_kind":"plain","optional":true,"computed":true},"load_balancing_rules":{"type":["set","string"],"description_kind":"plain","computed":true},"loadbalancer_id":{"type":"string","description_kind":"plain","required":true},"name":{"type":"string","description_kind":"plain","required":true},"resource_group_name":{"type":"string","description_kind":"plain","required":true}},"description_kind":"plain"}},"azurestack_lb_nat_pool":{"version":0,"block":{"attributes":{"backend_port":{"type":"number","description_kind":"plain","required":true},"frontend_ip_configuration_id":{"type":"string","description_kind":"plain","computed":true},"frontend_ip_configuration_name":{"type":"string","description_kind":"plain","required":true},"frontend_port_end":{"type":"number","description_kind":"plain","required":true},"frontend_port_start":{"type":"number","description_kind":"plain","required":true},"id":{"type":"string","description_kind":"plain","optional":true,"computed":true},"loadbalancer_id":{"type":"string","description_kind":"plain","required":true},"name":{"type":"string","description_kind":"plain","required":true},"protocol":{"type":"string","description_kind":"plain","required":true},"resource_group_name":{"type":"string","description_kind":"plain","required":true}},"description_kind":"plain"}},"azurestack_lb_nat_rule":{"version":0,"block":{"attributes":{"backend_ip_configuration_id":{"type":"string","description_kind":"plain","computed":true},"backend_port":{"type":"number","description_kind":"plain","required":true},"enable_floating_ip":{"type":"bool","description_kind":"plain","optional":true,"computed":true},"frontend_ip_configuration_id":{"type":"string","description_kind":"plain","computed":true},"frontend_ip_configuration_name":{"type":"string","description_kind":"plain","required":true},"frontend_port":{"type":"number","description_kind":"plain","required":true},"id":{"type":"string","description_kind":"plain","optional":true,"computed":true},"loadbalancer_id":{"type":"string","description_kind":"plain","required":true},"name":{"type":"string","description_kind":"plain","required":true},"protocol":{"type":"string","description_kind":"plain","required":true},"resource_group_name":{"type":"string","description_kind":"plain","required":true}},"description_kind":"plain"}},"azurestack_lb_probe":{"version":0,"block":{"attributes":{"id":{"type":"string","description_kind":"plain","optional":true,"computed":true},"interval_in_seconds":{"type":"number","description_kind":"plain","optional":true},"load_balancer_rules":{"type":["set","string"],"description_kind":"plain","computed":true},"loadbalancer_id":{"type":"string","description_kind":"plain","required":true},"name":{"type":"string","description_kind":"plain","required":true},"number_of_probes":{"type":"number","description_kind":"plain","optional":true},"port":{"type":"number","description_kind":"plain","required":true},"protocol":{"type":"string","description_kind":"plain","optional":true,"computed":true},"request_path":{"type":"string","description_kind":"plain","optional":true},"resource_group_name":{"type":"string","description_kind":"plain","required":true}},"description_kind":"plain"}},"azurestack_lb_rule":{"version":0,"block":{"attributes":{"backend_address_pool_id":{"type":"string","description_kind":"plain","optional":true,"computed":true},"backend_port":{"type":"number","description_kind":"plain","required":true},"enable_floating_ip":{"type":"bool","description_kind":"plain","optional":true},"frontend_ip_configuration_id":{"type":"string","description_kind":"plain","computed":true},"frontend_ip_configuration_name":{"type":"string","description_kind":"plain","required":true},"frontend_port":{"type":"number","description_kind":"plain","required":true},"id":{"type":"string","description_kind":"plain","optional":true,"computed":true},"idle_timeout_in_minutes":{"type":"number","description_kind":"plain","optional":true,"computed":true},"load_distribution":{"type":"string","description_kind":"plain","optional":true,"computed":true},"loadbalancer_id":{"type":"string","description_kind":"plain","required":true},"name":{"type":"string","description_kind":"plain","required":true},"probe_id":{"type":"string","description_kind":"plain","optional":true,"computed":true},"protocol":{"type":"string","description_kind":"plain","required":true},"resource_group_name":{"type":"string","description_kind":"plain","required":true}},"description_kind":"plain"}},"azurestack_local_network_gateway":{"version":0,"block":{"attributes":{"address_space":{"type":["list","string"],"description_kind":"plain","required":true},"gateway_address":{"type":"string","description_kind":"plain","required":true},"id":{"type":"string","description_kind":"plain","optional":true,"computed":true},"location":{"type":"string","description_kind":"plain","required":true},"name":{"type":"string","description_kind":"plain","required":true},"resource_group_name":{"type":"string","description_kind":"plain","required":true},"tags":{"type":["map","string"],"description_kind":"plain","optional":true,"computed":true}},"block_types":{"bgp_settings":{"nesting_mode":"list","block":{"attributes":{"asn":{"type":"number","description_kind":"plain","required":true},"bgp_peering_address":{"type":"string","description_kind":"plain","required":true},"peer_weight":{"type":"number","description_kind":"plain","optional":true,"computed":true}},"description_kind":"plain"},"max_items":1}},"description_kind":"plain"}},"azurestack_managed_disk":{"version":0,"block":{"attributes":{"create_option":{"type":"string","description_kind":"plain","required":true},"disk_size_gb":{"type":"number","description_kind":"plain","optional":true,"computed":true},"id":{"type":"string","description_kind":"plain","optional":true,"computed":true},"image_reference_id":{"type":"string","description_kind":"plain","optional":true},"location":{"type":"string","description_kind":"plain","required":true},"name":{"type":"string","description_kind":"plain","required":true},"os_type":{"type":"string","description_kind":"plain","optional":true},"resource_group_name":{"type":"string","description_kind":"plain","required":true},"source_resource_id":{"type":"string","description_kind":"plain","optional":true},"source_uri":{"type":"string","description_kind":"plain","optional":true,"computed":true},"storage_account_type":{"type":"string","description_kind":"plain","required":true},"tags":{"type":["map","string"],"description_kind":"plain","optional":true,"computed":true}},"description_kind":"plain"}},"azurestack_network_interface":{"version":0,"block":{"attributes":{"applied_dns_servers":{"type":["set","string"],"description_kind":"plain","optional":true,"computed":true},"dns_servers":{"type":["set","string"],"description_kind":"plain","optional":true,"computed":true},"enable_ip_forwarding":{"type":"bool","description_kind":"plain","optional":true},"id":{"type":"string","description_kind":"plain","optional":true,"computed":true},"internal_dns_name_label":{"type":"string","description_kind":"plain","optional":true,"computed":true},"internal_fqdn":{"type":"string","description_kind":"plain","optional":true,"computed":true},"location":{"type":"string","description_kind":"plain","required":true},"mac_address":{"type":"string","description_kind":"plain","optional":true,"computed":true},"name":{"type":"string","description_kind":"plain","required":true},"network_security_group_id":{"type":"string","description_kind":"plain","optional":true},"private_ip_address":{"type":"string","description_kind":"plain","computed":true},"private_ip_addresses":{"type":["list","string"],"description_kind":"plain","computed":true},"resource_group_name":{"type":"string","description_kind":"plain","required":true},"tags":{"type":["map","string"],"description_kind":"plain","optional":true,"computed":true},"virtual_machine_id":{"type":"string","description_kind":"plain","optional":true,"computed":true}},"block_types":{"ip_configuration":{"nesting_mode":"list","block":{"attributes":{"application_gateway_backend_address_pools_ids":{"type":["set","string"],"description_kind":"plain","optional":true,"computed":true},"application_security_group_ids":{"type":["set","string"],"description_kind":"plain","optional":true,"computed":true},"load_balancer_backend_address_pools_ids":{"type":["set","string"],"description_kind":"plain","optional":true,"computed":true},"load_balancer_inbound_nat_rules_ids":{"type":["set","string"],"description_kind":"plain","optional":true,"computed":true},"name":{"type":"string","description_kind":"plain","required":true},"primary":{"type":"bool","description_kind":"plain","optional":true,"computed":true},"private_ip_address":{"type":"string","description_kind":"plain","optional":true,"computed":true},"private_ip_address_allocation":{"type":"string","description_kind":"plain","required":true},"public_ip_address_id":{"type":"string","description_kind":"plain","optional":true,"computed":true},"subnet_id":{"type":"string","description_kind":"plain","required":true}},"description_kind":"plain"},"min_items":1}},"description_kind":"plain"}},"azurestack_network_security_group":{"version":0,"block":{"attributes":{"id":{"type":"string","description_kind":"plain","optional":true,"computed":true},"location":{"type":"string","description_kind":"plain","required":true},"name":{"type":"string","description_kind":"plain","required":true},"resource_group_name":{"type":"string","description_kind":"plain","required":true},"tags":{"type":["map","string"],"description_kind":"plain","optional":true,"computed":true}},"block_types":{"security_rule":{"nesting_mode":"set","block":{"attributes":{"access":{"type":"string","description_kind":"plain","required":true},"description":{"type":"string","description_kind":"plain","optional":true},"destination_address_prefix":{"type":"string","description_kind":"plain","optional":true},"destination_port_range":{"type":"string","description_kind":"plain","optional":true},"direction":{"type":"string","description_kind":"plain","required":true},"name":{"type":"string","description_kind":"plain","required":true},"priority":{"type":"number","description_kind":"plain","required":true},"protocol":{"type":"string","description_kind":"plain","required":true},"source_address_prefix":{"type":"string","description_kind":"plain","optional":true},"source_port_range":{"type":"string","description_kind":"plain","optional":true}},"description_kind":"plain"}}},"description_kind":"plain"}},"azurestack_network_security_rule":{"version":0,"block":{"attributes":{"access":{"type":"string","description_kind":"plain","required":true},"description":{"type":"string","description_kind":"plain","optional":true},"destination_address_prefix":{"type":"string","description_kind":"plain","optional":true},"destination_port_range":{"type":"string","description_kind":"plain","optional":true},"direction":{"type":"string","description_kind":"plain","required":true},"id":{"type":"string","description_kind":"plain","optional":true,"computed":true},"name":{"type":"string","description_kind":"plain","required":true},"network_security_group_name":{"type":"string","description_kind":"plain","required":true},"priority":{"type":"number","description_kind":"plain","required":true},"protocol":{"type":"string","description_kind":"plain","required":true},"resource_group_name":{"type":"string","description_kind":"plain","required":true},"source_address_prefix":{"type":"string","description_kind":"plain","optional":true},"source_application_security_group_ids":{"type":["set","string"],"description_kind":"plain","optional":true},"source_port_range":{"type":"string","description_kind":"plain","optional":true}},"description_kind":"plain"}},"azurestack_public_ip":{"version":0,"block":{"attributes":{"domain_name_label":{"type":"string","description_kind":"plain","optional":true},"fqdn":{"type":"string","description_kind":"plain","computed":true},"id":{"type":"string","description_kind":"plain","optional":true,"computed":true},"idle_timeout_in_minutes":{"type":"number","description_kind":"plain","optional":true},"ip_address":{"type":"string","description_kind":"plain","computed":true},"location":{"type":"string","description_kind":"plain","required":true},"name":{"type":"string","description_kind":"plain","required":true},"public_ip_address_allocation":{"type":"string","description_kind":"plain","required":true},"resource_group_name":{"type":"string","description_kind":"plain","required":true},"reverse_fqdn":{"type":"string","description_kind":"plain","optional":true},"tags":{"type":["map","string"],"description_kind":"plain","optional":true,"computed":true}},"description_kind":"plain"}},"azurestack_resource_group":{"version":0,"block":{"attributes":{"id":{"type":"string","description_kind":"plain","optional":true,"computed":true},"location":{"type":"string","description_kind":"plain","required":true},"name":{"type":"string","description_kind":"plain","required":true},"tags":{"type":["map","string"],"description_kind":"plain","optional":true,"computed":true}},"description_kind":"plain"}},"azurestack_route":{"version":0,"block":{"attributes":{"address_prefix":{"type":"string","description_kind":"plain","required":true},"id":{"type":"string","description_kind":"plain","optional":true,"computed":true},"name":{"type":"string","description_kind":"plain","required":true},"next_hop_in_ip_address":{"type":"string","description_kind":"plain","optional":true,"computed":true},"next_hop_type":{"type":"string","description_kind":"plain","required":true},"resource_group_name":{"type":"string","description_kind":"plain","required":true},"route_table_name":{"type":"string","description_kind":"plain","required":true}},"description_kind":"plain"}},"azurestack_route_table":{"version":0,"block":{"attributes":{"id":{"type":"string","description_kind":"plain","optional":true,"computed":true},"location":{"type":"string","description_kind":"plain","required":true},"name":{"type":"string","description_kind":"plain","required":true},"resource_group_name":{"type":"string","description_kind":"plain","required":true},"route":{"type":["list",["object",{"address_prefix":"string","name":"string","next_hop_in_ip_address":"string","next_hop_type":"string"}]],"description_kind":"plain","optional":true,"computed":true},"subnets":{"type":["set","string"],"description_kind":"plain","computed":true},"tags":{"type":["map","string"],"description_kind":"plain","optional":true,"computed":true}},"description_kind":"plain"}},"azurestack_storage_account":{"version":0,"block":{"attributes":{"account_encryption_source":{"type":"string","description_kind":"plain","optional":true},"account_kind":{"type":"string","description_kind":"plain","optional":true},"account_replication_type":{"type":"string","description_kind":"plain","required":true},"account_tier":{"type":"string","description_kind":"plain","required":true},"account_type":{"type":"string","description_kind":"plain","optional":true,"computed":true},"enable_blob_encryption":{"type":"bool","description_kind":"plain","optional":true,"computed":true},"id":{"type":"string","description_kind":"plain","optional":true,"computed":true},"location":{"type":"string","description_kind":"plain","required":true},"name":{"type":"string","description_kind":"plain","required":true},"primary_access_key":{"type":"string","description_kind":"plain","computed":true},"primary_blob_connection_string":{"type":"string","description_kind":"plain","computed":true},"primary_blob_endpoint":{"type":"string","description_kind":"plain","computed":true},"primary_connection_string":{"type":"string","description_kind":"plain","computed":true},"primary_file_endpoint":{"type":"string","description_kind":"plain","computed":true},"primary_location":{"type":"string","description_kind":"plain","computed":true},"primary_queue_endpoint":{"type":"string","description_kind":"plain","computed":true},"primary_table_endpoint":{"type":"string","description_kind":"plain","computed":true},"resource_group_name":{"type":"string","description_kind":"plain","required":true},"secondary_access_key":{"type":"string","description_kind":"plain","computed":true},"secondary_blob_connection_string":{"type":"string","description_kind":"plain","computed":true},"secondary_blob_endpoint":{"type":"string","description_kind":"plain","computed":true},"secondary_connection_string":{"type":"string","description_kind":"plain","computed":true},"secondary_location":{"type":"string","description_kind":"plain","computed":true},"secondary_queue_endpoint":{"type":"string","description_kind":"plain","computed":true},"secondary_table_endpoint":{"type":"string","description_kind":"plain","computed":true},"tags":{"type":["map","string"],"description_kind":"plain","optional":true,"computed":true}},"block_types":{"custom_domain":{"nesting_mode":"list","block":{"attributes":{"name":{"type":"string","description_kind":"plain","required":true},"use_subdomain":{"type":"bool","description_kind":"plain","optional":true}},"description_kind":"plain"},"max_items":1}},"description_kind":"plain"}},"azurestack_storage_blob":{"version":0,"block":{"attributes":{"attempts":{"type":"number","description_kind":"plain","optional":true},"id":{"type":"string","description_kind":"plain","optional":true,"computed":true},"name":{"type":"string","description_kind":"plain","required":true},"parallelism":{"type":"number","description_kind":"plain","optional":true},"resource_group_name":{"type":"string","description_kind":"plain","required":true},"size":{"type":"number","description_kind":"plain","optional":true},"source":{"type":"string","description_kind":"plain","optional":true},"source_uri":{"type":"string","description_kind":"plain","optional":true},"storage_account_name":{"type":"string","description_kind":"plain","required":true},"storage_container_name":{"type":"string","description_kind":"plain","required":true},"type":{"type":"string","description_kind":"plain","optional":true},"url":{"type":"string","description_kind":"plain","computed":true}},"description_kind":"plain"}},"azurestack_storage_container":{"version":0,"block":{"attributes":{"container_access_type":{"type":"string","description_kind":"plain","optional":true},"id":{"type":"string","description_kind":"plain","optional":true,"computed":true},"name":{"type":"string","description_kind":"plain","required":true},"properties":{"type":["map","string"],"description_kind":"plain","computed":true},"resource_group_name":{"type":"string","description_kind":"plain","required":true},"storage_account_name":{"type":"string","description_kind":"plain","required":true}},"description_kind":"plain"}},"azurestack_subnet":{"version":0,"block":{"attributes":{"address_prefix":{"type":"string","description_kind":"plain","required":true},"id":{"type":"string","description_kind":"plain","optional":true,"computed":true},"ip_configurations":{"type":["set","string"],"description_kind":"plain","optional":true,"computed":true},"name":{"type":"string","description_kind":"plain","required":true},"network_security_group_id":{"type":"string","description_kind":"plain","optional":true},"resource_group_name":{"type":"string","description_kind":"plain","required":true},"route_table_id":{"type":"string","description_kind":"plain","optional":true},"virtual_network_name":{"type":"string","description_kind":"plain","required":true}},"description_kind":"plain"}},"azurestack_template_deployment":{"version":0,"block":{"attributes":{"deployment_mode":{"type":"string","description_kind":"plain","required":true},"id":{"type":"string","description_kind":"plain","optional":true,"computed":true},"name":{"type":"string","description_kind":"plain","required":true},"outputs":{"type":["map","string"],"description_kind":"plain","computed":true},"parameters":{"type":["map","string"],"description_kind":"plain","optional":true},"parameters_body":{"type":"string","description_kind":"plain","optional":true},"resource_group_name":{"type":"string","description_kind":"plain","required":true},"template_body":{"type":"string","description_kind":"plain","optional":true,"computed":true}},"description_kind":"plain"}},"azurestack_virtual_machine":{"version":0,"block":{"attributes":{"availability_set_id":{"type":"string","description_kind":"plain","optional":true,"computed":true},"delete_data_disks_on_termination":{"type":"bool","description_kind":"plain","optional":true},"delete_os_disk_on_termination":{"type":"bool","description_kind":"plain","optional":true},"id":{"type":"string","description_kind":"plain","optional":true,"computed":true},"license_type":{"type":"string","description_kind":"plain","optional":true,"computed":true},"location":{"type":"string","description_kind":"plain","required":true},"name":{"type":"string","description_kind":"plain","required":true},"network_interface_ids":{"type":["list","string"],"description_kind":"plain","required":true},"primary_network_interface_id":{"type":"string","description_kind":"plain","optional":true},"resource_group_name":{"type":"string","description_kind":"plain","required":true},"tags":{"type":["map","string"],"description_kind":"plain","optional":true,"computed":true},"vm_size":{"type":"string","description_kind":"plain","required":true}},"block_types":{"boot_diagnostics":{"nesting_mode":"list","block":{"attributes":{"enabled":{"type":"bool","description_kind":"plain","required":true},"storage_uri":{"type":"string","description_kind":"plain","required":true}},"description_kind":"plain"},"max_items":1},"identity":{"nesting_mode":"list","block":{"attributes":{"principal_id":{"type":"string","description_kind":"plain","computed":true},"type":{"type":"string","description_kind":"plain","required":true}},"description_kind":"plain"},"max_items":1},"os_profile":{"nesting_mode":"set","block":{"attributes":{"admin_password":{"type":"string","description_kind":"plain","optional":true,"sensitive":true},"admin_username":{"type":"string","description_kind":"plain","required":true},"computer_name":{"type":"string","description_kind":"plain","required":true},"custom_data":{"type":"string","description_kind":"plain","optional":true,"computed":true}},"description_kind":"plain"},"max_items":1},"os_profile_linux_config":{"nesting_mode":"set","block":{"attributes":{"disable_password_authentication":{"type":"bool","description_kind":"plain","required":true}},"block_types":{"ssh_keys":{"nesting_mode":"list","block":{"attributes":{"key_data":{"type":"string","description_kind":"plain","optional":true},"path":{"type":"string","description_kind":"plain","required":true}},"description_kind":"plain"}}},"description_kind":"plain"},"max_items":1},"os_profile_secrets":{"nesting_mode":"list","block":{"attributes":{"source_vault_id":{"type":"string","description_kind":"plain","required":true}},"block_types":{"vault_certificates":{"nesting_mode":"list","block":{"attributes":{"certificate_store":{"type":"string","description_kind":"plain","optional":true},"certificate_url":{"type":"string","description_kind":"plain","required":true}},"description_kind":"plain"}}},"description_kind":"plain"}},"os_profile_windows_config":{"nesting_mode":"set","block":{"attributes":{"enable_automatic_upgrades":{"type":"bool","description_kind":"plain","optional":true},"provision_vm_agent":{"type":"bool","description_kind":"plain","optional":true}},"block_types":{"additional_unattend_config":{"nesting_mode":"list","block":{"attributes":{"component":{"type":"string","description_kind":"plain","required":true},"content":{"type":"string","description_kind":"plain","required":true},"pass":{"type":"string","description_kind":"plain","required":true},"setting_name":{"type":"string","description_kind":"plain","required":true}},"description_kind":"plain"}},"winrm":{"nesting_mode":"list","block":{"attributes":{"certificate_url":{"type":"string","description_kind":"plain","optional":true},"protocol":{"type":"string","description_kind":"plain","required":true}},"description_kind":"plain"}}},"description_kind":"plain"},"max_items":1},"plan":{"nesting_mode":"list","block":{"attributes":{"name":{"type":"string","description_kind":"plain","required":true},"product":{"type":"string","description_kind":"plain","required":true},"publisher":{"type":"string","description_kind":"plain","required":true}},"description_kind":"plain"},"max_items":1},"storage_data_disk":{"nesting_mode":"list","block":{"attributes":{"caching":{"type":"string","description_kind":"plain","optional":true,"computed":true},"create_option":{"type":"string","description_kind":"plain","required":true},"disk_size_gb":{"type":"number","description_kind":"plain","optional":true,"computed":true},"lun":{"type":"number","description_kind":"plain","required":true},"managed_disk_id":{"type":"string","description_kind":"plain","optional":true,"computed":true},"managed_disk_type":{"type":"string","description_kind":"plain","optional":true,"computed":true},"name":{"type":"string","description_kind":"plain","required":true},"vhd_uri":{"type":"string","description_kind":"plain","optional":true}},"description_kind":"plain"}},"storage_image_reference":{"nesting_mode":"set","block":{"attributes":{"id":{"type":"string","description_kind":"plain","optional":true},"offer":{"type":"string","description_kind":"plain","optional":true},"publisher":{"type":"string","description_kind":"plain","optional":true},"sku":{"type":"string","description_kind":"plain","optional":true},"version":{"type":"string","description_kind":"plain","optional":true,"computed":true}},"description_kind":"plain"},"max_items":1},"storage_os_disk":{"nesting_mode":"list","block":{"attributes":{"caching":{"type":"string","description_kind":"plain","optional":true,"computed":true},"create_option":{"type":"string","description_kind":"plain","required":true},"disk_size_gb":{"type":"number","description_kind":"plain","optional":true,"computed":true},"image_uri":{"type":"string","description_kind":"plain","optional":true},"managed_disk_id":{"type":"string","description_kind":"plain","optional":true,"computed":true},"managed_disk_type":{"type":"string","description_kind":"plain","optional":true,"computed":true},"name":{"type":"string","description_kind":"plain","required":true},"os_type":{"type":"string","description_kind":"plain","optional":true,"computed":true},"vhd_uri":{"type":"string","description_kind":"plain","optional":true}},"description_kind":"plain"},"min_items":1,"max_items":1}},"description_kind":"plain"}},"azurestack_virtual_machine_extension":{"version":0,"block":{"attributes":{"auto_upgrade_minor_version":{"type":"bool","description_kind":"plain","optional":true},"id":{"type":"string","description_kind":"plain","optional":true,"computed":true},"location":{"type":"string","description_kind":"plain","required":true},"name":{"type":"string","description_kind":"plain","required":true},"protected_settings":{"type":"string","description_kind":"plain","optional":true,"sensitive":true},"publisher":{"type":"string","description_kind":"plain","required":true},"resource_group_name":{"type":"string","description_kind":"plain","required":true},"settings":{"type":"string","description_kind":"plain","optional":true},"tags":{"type":["map","string"],"description_kind":"plain","optional":true,"computed":true},"type":{"type":"string","description_kind":"plain","required":true},"type_handler_version":{"type":"string","description_kind":"plain","required":true},"virtual_machine_name":{"type":"string","description_kind":"plain","required":true}},"description_kind":"plain"}},"azurestack_virtual_machine_scale_set":{"version":0,"block":{"attributes":{"id":{"type":"string","description_kind":"plain","optional":true,"computed":true},"license_type":{"type":"string","description_kind":"plain","optional":true,"computed":true},"location":{"type":"string","description_kind":"plain","required":true},"name":{"type":"string","description_kind":"plain","required":true},"overprovision":{"type":"bool","description_kind":"plain","optional":true},"priority":{"type":"string","description_kind":"plain","optional":true},"resource_group_name":{"type":"string","description_kind":"plain","required":true},"single_placement_group":{"type":"bool","description_kind":"plain","optional":true},"tags":{"type":["map","string"],"description_kind":"plain","optional":true,"computed":true},"upgrade_policy_mode":{"type":"string","description_kind":"plain","required":true}},"block_types":{"extension":{"nesting_mode":"set","block":{"attributes":{"auto_upgrade_minor_version":{"type":"bool","description_kind":"plain","optional":true},"name":{"type":"string","description_kind":"plain","required":true},"protected_settings":{"type":"string","description_kind":"plain","optional":true,"sensitive":true},"publisher":{"type":"string","description_kind":"plain","required":true},"settings":{"type":"string","description_kind":"plain","optional":true},"type":{"type":"string","description_kind":"plain","required":true},"type_handler_version":{"type":"string","description_kind":"plain","required":true}},"description_kind":"plain"}},"identity":{"nesting_mode":"list","block":{"attributes":{"principal_id":{"type":"string","description_kind":"plain","computed":true},"type":{"type":"string","description_kind":"plain","required":true}},"description_kind":"plain"},"max_items":1},"network_profile":{"nesting_mode":"set","block":{"attributes":{"name":{"type":"string","description_kind":"plain","required":true},"network_security_group_id":{"type":"string","description_kind":"plain","optional":true},"primary":{"type":"bool","description_kind":"plain","required":true}},"block_types":{"ip_configuration":{"nesting_mode":"list","block":{"attributes":{"application_gateway_backend_address_pool_ids":{"type":["set","string"],"description_kind":"plain","optional":true},"load_balancer_backend_address_pool_ids":{"type":["set","string"],"description_kind":"plain","optional":true},"load_balancer_inbound_nat_rules_ids":{"type":["set","string"],"description_kind":"plain","optional":true,"computed":true},"name":{"type":"string","description_kind":"plain","required":true},"primary":{"type":"bool","description_kind":"plain","optional":true},"subnet_id":{"type":"string","description_kind":"plain","required":true}},"block_types":{"public_ip_address_configuration":{"nesting_mode":"list","block":{"attributes":{"domain_name_label":{"type":"string","description_kind":"plain","required":true},"idle_timeout":{"type":"number","description_kind":"plain","required":true},"name":{"type":"string","description_kind":"plain","required":true}},"description_kind":"plain"},"max_items":1}},"description_kind":"plain"},"min_items":1}},"description_kind":"plain"},"min_items":1},"os_profile":{"nesting_mode":"list","block":{"attributes":{"admin_password":{"type":"string","description_kind":"plain","optional":true,"sensitive":true},"admin_username":{"type":"string","description_kind":"plain","required":true},"computer_name_prefix":{"type":"string","description_kind":"plain","required":true},"custom_data":{"type":"string","description_kind":"plain","optional":true}},"description_kind":"plain"},"min_items":1,"max_items":1},"os_profile_linux_config":{"nesting_mode":"set","block":{"attributes":{"disable_password_authentication":{"type":"bool","description_kind":"plain","optional":true}},"block_types":{"ssh_keys":{"nesting_mode":"list","block":{"attributes":{"key_data":{"type":"string","description_kind":"plain","optional":true},"path":{"type":"string","description_kind":"plain","required":true}},"description_kind":"plain"}}},"description_kind":"plain"},"max_items":1},"os_profile_secrets":{"nesting_mode":"set","block":{"attributes":{"source_vault_id":{"type":"string","description_kind":"plain","required":true}},"block_types":{"vault_certificates":{"nesting_mode":"list","block":{"attributes":{"certificate_store":{"type":"string","description_kind":"plain","optional":true},"certificate_url":{"type":"string","description_kind":"plain","required":true}},"description_kind":"plain"}}},"description_kind":"plain"}},"os_profile_windows_config":{"nesting_mode":"set","block":{"attributes":{"enable_automatic_upgrades":{"type":"bool","description_kind":"plain","optional":true},"provision_vm_agent":{"type":"bool","description_kind":"plain","optional":true}},"block_types":{"additional_unattend_config":{"nesting_mode":"list","block":{"attributes":{"component":{"type":"string","description_kind":"plain","required":true},"content":{"type":"string","description_kind":"plain","required":true},"pass":{"type":"string","description_kind":"plain","required":true},"setting_name":{"type":"string","description_kind":"plain","required":true}},"description_kind":"plain"}},"winrm":{"nesting_mode":"list","block":{"attributes":{"certificate_url":{"type":"string","description_kind":"plain","optional":true},"protocol":{"type":"string","description_kind":"plain","required":true}},"description_kind":"plain"}}},"description_kind":"plain"},"max_items":1},"plan":{"nesting_mode":"set","block":{"attributes":{"name":{"type":"string","description_kind":"plain","required":true},"product":{"type":"string","description_kind":"plain","required":true},"publisher":{"type":"string","description_kind":"plain","required":true}},"description_kind":"plain"},"max_items":1},"sku":{"nesting_mode":"set","block":{"attributes":{"capacity":{"type":"number","description_kind":"plain","required":true},"name":{"type":"string","description_kind":"plain","required":true},"tier":{"type":"string","description_kind":"plain","optional":true,"computed":true}},"description_kind":"plain"},"min_items":1,"max_items":1},"storage_profile_data_disk":{"nesting_mode":"list","block":{"attributes":{"caching":{"type":"string","description_kind":"plain","optional":true,"computed":true},"create_option":{"type":"string","description_kind":"plain","required":true},"disk_size_gb":{"type":"number","description_kind":"plain","optional":true,"computed":true},"lun":{"type":"number","description_kind":"plain","required":true},"managed_disk_type":{"type":"string","description_kind":"plain","optional":true,"computed":true}},"description_kind":"plain"}},"storage_profile_image_reference":{"nesting_mode":"set","block":{"attributes":{"id":{"type":"string","description_kind":"plain","optional":true},"offer":{"type":"string","description_kind":"plain","optional":true},"publisher":{"type":"string","description_kind":"plain","optional":true},"sku":{"type":"string","description_kind":"plain","optional":true},"version":{"type":"string","description_kind":"plain","optional":true}},"description_kind":"plain"},"max_items":1},"storage_profile_os_disk":{"nesting_mode":"set","block":{"attributes":{"caching":{"type":"string","description_kind":"plain","optional":true,"computed":true},"create_option":{"type":"string","description_kind":"plain","required":true},"image":{"type":"string","description_kind":"plain","optional":true},"managed_disk_type":{"type":"string","description_kind":"plain","optional":true,"computed":true},"name":{"type":"string","description_kind":"plain","optional":true},"os_type":{"type":"string","description_kind":"plain","optional":true},"vhd_containers":{"type":["set","string"],"description_kind":"plain","optional":true}},"description_kind":"plain"},"min_items":1,"max_items":1}},"description_kind":"plain"}},"azurestack_virtual_network":{"version":0,"block":{"attributes":{"address_space":{"type":["list","string"],"description_kind":"plain","required":true},"dns_servers":{"type":["list","string"],"description_kind":"plain","optional":true},"id":{"type":"string","description_kind":"plain","optional":true,"computed":true},"location":{"type":"string","description_kind":"plain","required":true},"name":{"type":"string","description_kind":"plain","required":true},"resource_group_name":{"type":"string","description_kind":"plain","required":true},"tags":{"type":["map","string"],"description_kind":"plain","optional":true,"computed":true}},"block_types":{"subnet":{"nesting_mode":"set","block":{"attributes":{"address_prefix":{"type":"string","description_kind":"plain","required":true},"name":{"type":"string","description_kind":"plain","required":true},"security_group":{"type":"string","description_kind":"plain","optional":true}},"description_kind":"plain"}}},"description_kind":"plain"}},"azurestack_virtual_network_gateway":{"version":0,"block":{"attributes":{"default_local_network_gateway_id":{"type":"string","description_kind":"plain","optional":true},"enable_bgp":{"type":"bool","description_kind":"plain","optional":true,"computed":true},"id":{"type":"string","description_kind":"plain","optional":true,"computed":true},"location":{"type":"string","description_kind":"plain","required":true},"name":{"type":"string","description_kind":"plain","required":true},"resource_group_name":{"type":"string","description_kind":"plain","required":true},"sku":{"type":"string","description_kind":"plain","required":true},"tags":{"type":["map","string"],"description_kind":"plain","optional":true,"computed":true},"type":{"type":"string","description_kind":"plain","required":true},"vpn_type":{"type":"string","description_kind":"plain","optional":true}},"block_types":{"bgp_settings":{"nesting_mode":"list","block":{"attributes":{"asn":{"type":"number","description_kind":"plain","optional":true},"peer_weight":{"type":"number","description_kind":"plain","optional":true},"peering_address":{"type":"string","description_kind":"plain","optional":true,"computed":true}},"description_kind":"plain"},"max_items":1},"ip_configuration":{"nesting_mode":"list","block":{"attributes":{"name":{"type":"string","description_kind":"plain","optional":true},"private_ip_address_allocation":{"type":"string","description_kind":"plain","optional":true},"public_ip_address_id":{"type":"string","description_kind":"plain","optional":true},"subnet_id":{"type":"string","description_kind":"plain","required":true}},"description_kind":"plain"},"min_items":1,"max_items":2},"vpn_client_configuration":{"nesting_mode":"list","block":{"attributes":{"address_space":{"type":["list","string"],"description_kind":"plain","required":true},"vpn_client_protocols":{"type":["set","string"],"description_kind":"plain","optional":true}},"block_types":{"revoked_certificate":{"nesting_mode":"set","block":{"attributes":{"name":{"type":"string","description_kind":"plain","required":true},"thumbprint":{"type":"string","description_kind":"plain","required":true}},"description_kind":"plain"}},"root_certificate":{"nesting_mode":"set","block":{"attributes":{"name":{"type":"string","description_kind":"plain","required":true},"public_cert_data":{"type":"string","description_kind":"plain","required":true}},"description_kind":"plain"}}},"description_kind":"plain"},"max_items":1}},"description_kind":"plain"}},"azurestack_virtual_network_gateway_connection":{"version":0,"block":{"attributes":{"authorization_key":{"type":"string","description_kind":"plain","optional":true,"sensitive":true},"enable_bgp":{"type":"bool","description_kind":"plain","optional":true,"computed":true},"express_route_circuit_id":{"type":"string","description_kind":"plain","optional":true},"id":{"type":"string","description_kind":"plain","optional":true,"computed":true},"local_network_gateway_id":{"type":"string","description_kind":"plain","optional":true},"location":{"type":"string","description_kind":"plain","required":true},"name":{"type":"string","description_kind":"plain","required":true},"peer_virtual_network_gateway_id":{"type":"string","description_kind":"plain","optional":true},"resource_group_name":{"type":"string","description_kind":"plain","required":true},"routing_weight":{"type":"number","description_kind":"plain","optional":true,"computed":true},"shared_key":{"type":"string","description_kind":"plain","optional":true,"computed":true,"sensitive":true},"tags":{"type":["map","string"],"description_kind":"plain","optional":true,"computed":true},"type":{"type":"string","description_kind":"plain","required":true},"virtual_network_gateway_id":{"type":"string","description_kind":"plain","required":true}},"description_kind":"plain"}}},"data_source_schemas":{"azurestack_client_config":{"version":0,"block":{"attributes":{"client_id":{"type":"string","description_kind":"plain","computed":true},"id":{"type":"string","description_kind":"plain","optional":true,"computed":true},"service_principal_application_id":{"type":"string","description_kind":"plain","computed":true},"service_principal_object_id":{"type":"string","description_kind":"plain","computed":true},"subscription_id":{"type":"string","description_kind":"plain","computed":true},"tenant_id":{"type":"string","description_kind":"plain","computed":true}},"description_kind":"plain"}},"azurestack_network_interface":{"version":0,"block":{"attributes":{"applied_dns_servers":{"type":["set","string"],"description_kind":"plain","computed":true},"dns_servers":{"type":["set","string"],"description_kind":"plain","computed":true},"enable_ip_forwarding":{"type":"bool","description_kind":"plain","computed":true},"id":{"type":"string","description_kind":"plain","optional":true,"computed":true},"internal_dns_name_label":{"type":"string","description_kind":"plain","computed":true},"internal_fqdn":{"type":"string","description_kind":"plain","computed":true},"ip_configuration":{"type":["list",["object",{"application_gateway_backend_address_pools_ids":["set","string"],"load_balancer_backend_address_pools_ids":["set","string"],"load_balancer_inbound_nat_rules_ids":["set","string"],"name":"string","primary":"bool","private_ip_address":"string","private_ip_address_allocation":"string","public_ip_address_id":"string","subnet_id":"string"}]],"description_kind":"plain","computed":true},"location":{"type":"string","description_kind":"plain","computed":true},"mac_address":{"type":"string","description_kind":"plain","computed":true},"name":{"type":"string","description_kind":"plain","required":true},"network_security_group_id":{"type":"string","description_kind":"plain","computed":true},"private_ip_address":{"type":"string","description_kind":"plain","computed":true},"private_ip_addresses":{"type":["list","string"],"description_kind":"plain","computed":true},"resource_group_name":{"type":"string","description_kind":"plain","required":true},"tags":{"type":["map","string"],"description_kind":"plain","computed":true},"virtual_machine_id":{"type":"string","description_kind":"plain","computed":true}},"description_kind":"plain"}},"azurestack_network_security_group":{"version":0,"block":{"attributes":{"id":{"type":"string","description_kind":"plain","optional":true,"computed":true},"location":{"type":"string","description_kind":"plain","computed":true},"name":{"type":"string","description_kind":"plain","required":true},"resource_group_name":{"type":"string","description_kind":"plain","required":true},"security_rule":{"type":["list",["object",{"access":"string","description":"string","destination_address_prefix":"string","destination_port_range":"string","direction":"string","name":"string","priority":"number","protocol":"string","source_address_prefix":"string","source_port_range":"string","source_port_ranges":["set","string"]}]],"description_kind":"plain","computed":true},"tags":{"type":["map","string"],"description_kind":"plain","computed":true}},"description_kind":"plain"}},"azurestack_platform_image":{"version":0,"block":{"attributes":{"id":{"type":"string","description_kind":"plain","optional":true,"computed":true},"location":{"type":"string","description_kind":"plain","required":true},"offer":{"type":"string","description_kind":"plain","required":true},"publisher":{"type":"string","description_kind":"plain","required":true},"sku":{"type":"string","description_kind":"plain","required":true},"version":{"type":"string","description_kind":"plain","computed":true}},"description_kind":"plain"}},"azurestack_public_ip":{"version":0,"block":{"attributes":{"domain_name_label":{"type":"string","description_kind":"plain","computed":true},"fqdn":{"type":"string","description_kind":"plain","computed":true},"id":{"type":"string","description_kind":"plain","optional":true,"computed":true},"idle_timeout_in_minutes":{"type":"number","description_kind":"plain","computed":true},"ip_address":{"type":"string","description_kind":"plain","computed":true},"name":{"type":"string","description_kind":"plain","required":true},"resource_group_name":{"type":"string","description_kind":"plain","required":true},"tags":{"type":["map","string"],"description_kind":"plain","optional":true,"computed":true}},"description_kind":"plain"}},"azurestack_resource_group":{"version":0,"block":{"attributes":{"id":{"type":"string","description_kind":"plain","optional":true,"computed":true},"location":{"type":"string","description_kind":"plain","computed":true},"name":{"type":"string","description_kind":"plain","required":true},"tags":{"type":["map","string"],"description_kind":"plain","computed":true}},"description_kind":"plain"}},"azurestack_route_table":{"version":0,"block":{"attributes":{"id":{"type":"string","description_kind":"plain","optional":true,"computed":true},"location":{"type":"string","description_kind":"plain","computed":true},"name":{"type":"string","description_kind":"plain","required":true},"resource_group_name":{"type":"string","description_kind":"plain","required":true},"route":{"type":["list",["object",{"address_prefix":"string","name":"string","next_hop_in_ip_address":"string","next_hop_type":"string"}]],"description_kind":"plain","computed":true},"subnets":{"type":["set","string"],"description_kind":"plain","computed":true},"tags":{"type":["map","string"],"description_kind":"plain","computed":true}},"description_kind":"plain"}},"azurestack_storage_account":{"version":0,"block":{"attributes":{"account_encryption_source":{"type":"string","description_kind":"plain","computed":true},"account_kind":{"type":"string","description_kind":"plain","computed":true},"account_replication_type":{"type":"string","description_kind":"plain","computed":true},"account_tier":{"type":"string","description_kind":"plain","computed":true},"custom_domain":{"type":["list",["object",{"name":"string"}]],"description_kind":"plain","computed":true},"enable_blob_encryption":{"type":"bool","description_kind":"plain","computed":true},"id":{"type":"string","description_kind":"plain","optional":true,"computed":true},"location":{"type":"string","description_kind":"plain","computed":true},"name":{"type":"string","description_kind":"plain","required":true},"primary_access_key":{"type":"string","description_kind":"plain","computed":true},"primary_blob_connection_string":{"type":"string","description_kind":"plain","computed":true},"primary_blob_endpoint":{"type":"string","description_kind":"plain","computed":true},"primary_connection_string":{"type":"string","description_kind":"plain","computed":true},"primary_file_endpoint":{"type":"string","description_kind":"plain","computed":true},"primary_location":{"type":"string","description_kind":"plain","computed":true},"primary_queue_endpoint":{"type":"string","description_kind":"plain","computed":true},"primary_table_endpoint":{"type":"string","description_kind":"plain","computed":true},"resource_group_name":{"type":"string","description_kind":"plain","required":true},"secondary_access_key":{"type":"string","description_kind":"plain","computed":true},"secondary_blob_connection_string":{"type":"string","description_kind":"plain","computed":true},"secondary_blob_endpoint":{"type":"string","description_kind":"plain","computed":true},"secondary_connection_string":{"type":"string","description_kind":"plain","computed":true},"secondary_location":{"type":"string","description_kind":"plain","computed":true},"secondary_queue_endpoint":{"type":"string","description_kind":"plain","computed":true},"secondary_table_endpoint":{"type":"string","description_kind":"plain","computed":true},"tags":{"type":["map","string"],"description_kind":"plain","computed":true}},"description_kind":"plain"}},"azurestack_subnet":{"version":0,"block":{"attributes":{"address_prefix":{"type":"string","description_kind":"plain","computed":true},"id":{"type":"string","description_kind":"plain","optional":true,"computed":true},"ip_configurations":{"type":["set","string"],"description_kind":"plain","computed":true},"name":{"type":"string","description_kind":"plain","required":true},"network_security_group_id":{"type":"string","description_kind":"plain","computed":true},"resource_group_name":{"type":"string","description_kind":"plain","required":true},"route_table_id":{"type":"string","description_kind":"plain","computed":true},"virtual_network_name":{"type":"string","description_kind":"plain","required":true}},"description_kind":"plain"}},"azurestack_virtual_network":{"version":0,"block":{"attributes":{"address_spaces":{"type":["list","string"],"description_kind":"plain","computed":true},"dns_servers":{"type":["list","string"],"description_kind":"plain","computed":true},"id":{"type":"string","description_kind":"plain","optional":true,"computed":true},"name":{"type":"string","description_kind":"plain","required":true},"resource_group_name":{"type":"string","description_kind":"plain","required":true},"subnets":{"type":["list","string"],"description_kind":"plain","computed":true}},"description_kind":"plain"}},"azurestack_virtual_network_gateway":{"version":0,"block":{"attributes":{"bgp_settings":{"type":["list",["object",{"asn":"number","peer_weight":"number","peering_address":"string"}]],"description_kind":"plain","computed":true},"default_local_network_gateway_id":{"type":"string","description_kind":"plain","computed":true},"enable_bgp":{"type":"bool","description_kind":"plain","computed":true},"id":{"type":"string","description_kind":"plain","optional":true,"computed":true},"ip_configuration":{"type":["list",["object",{"name":"string","private_ip_address_allocation":"string","public_ip_address_id":"string","subnet_id":"string"}]],"description_kind":"plain","computed":true},"location":{"type":"string","description_kind":"plain","computed":true},"name":{"type":"string","description_kind":"plain","required":true},"resource_group_name":{"type":"string","description_kind":"plain","required":true},"sku":{"type":"string","description_kind":"plain","computed":true},"tags":{"type":["map","string"],"description_kind":"plain","computed":true},"type":{"type":"string","description_kind":"plain","computed":true},"vpn_client_configuration":{"type":["list",["object",{"address_space":["list","string"],"radius_server_address":"string","radius_server_secret":"string","revoked_certificate":["set",["object",{"name":"string","thumbprint":"string"}]],"root_certificate":["set",["object",{"name":"string","public_cert_data":"string"}]],"vpn_client_protocols":["set","string"]}]],"description_kind":"plain","computed":true},"vpn_type":{"type":"string","description_kind":"plain","computed":true}},"description_kind":"plain"}}}}}}
