{"format_version":"0.2","provider_schemas":{"registry.terraform.io/hashicorp/hcp":{"provider":{"version":0,"block":{"attributes":{"client_id":{"type":"string","description":"The OAuth2 Client ID for API operations.","description_kind":"plain","optional":true},"client_secret":{"type":"string","description":"The OAuth2 Client Secret for API operations.","description_kind":"plain","optional":true}},"description_kind":"plain"}},"resource_schemas":{"hcp_aws_network_peering":{"version":0,"block":{"attributes":{"created_at":{"type":"string","description":"The time that the network peering was created.","description_kind":"plain","computed":true},"expires_at":{"type":"string","description":"The time after which the network peering will be considered expired if it hasn't transitioned into `ACCEPTED` or `ACTIVE` state.","description_kind":"plain","computed":true},"hvn_id":{"type":"string","description":"The ID of the HashiCorp Virtual Network (HVN).","description_kind":"plain","required":true},"id":{"type":"string","description_kind":"plain","optional":true,"computed":true},"organization_id":{"type":"string","description":"The ID of the HCP organization where the network peering is located. Always matches the HVN's organization.","description_kind":"plain","computed":true},"peer_account_id":{"type":"string","description":"The account ID of the peer VPC in AWS.","description_kind":"plain","required":true},"peer_vpc_id":{"type":"string","description":"The ID of the peer VPC in AWS.","description_kind":"plain","required":true},"peer_vpc_region":{"type":"string","description":"The region of the peer VPC in AWS.","description_kind":"plain","required":true},"peering_id":{"type":"string","description":"The ID of the network peering.","description_kind":"plain","required":true},"project_id":{"type":"string","description":"The ID of the HCP project where the network peering is located. Always matches the HVN's project.","description_kind":"plain","computed":true},"provider_peering_id":{"type":"string","description":"The peering connection ID used by AWS.","description_kind":"plain","computed":true},"self_link":{"type":"string","description":"A unique URL identifying the network peering.","description_kind":"plain","computed":true}},"block_types":{"timeouts":{"nesting_mode":"single","block":{"attributes":{"create":{"type":"string","description_kind":"plain","optional":true},"default":{"type":"string","description_kind":"plain","optional":true},"delete":{"type":"string","description_kind":"plain","optional":true}},"description_kind":"plain"}}},"description":"The AWS network peering resource allows you to manage a network peering between an HVN and a peer AWS VPC.","description_kind":"plain"}},"hcp_aws_transit_gateway_attachment":{"version":0,"block":{"attributes":{"created_at":{"type":"string","description":"The time that the transit gateway attachment was created.","description_kind":"plain","computed":true},"expires_at":{"type":"string","description":"The time after which the transit gateway attachment will be considered expired if it hasn't transitioned into `ACCEPTED` or `ACTIVE` state.","description_kind":"plain","computed":true},"hvn_id":{"type":"string","description":"The ID of the HashiCorp Virtual Network (HVN).","description_kind":"plain","required":true},"id":{"type":"string","description_kind":"plain","optional":true,"computed":true},"organization_id":{"type":"string","description":"The ID of the HCP organization where the transit gateway attachment is located. Always matches the HVN's organization.","description_kind":"plain","computed":true},"project_id":{"type":"string","description":"The ID of the HCP project where the transit gateway attachment is located. Always matches the HVN's project.","description_kind":"plain","computed":true},"provider_transit_gateway_attachment_id":{"type":"string","description":"The transit gateway attachment ID used by AWS.","description_kind":"plain","computed":true},"resource_share_arn":{"type":"string","description":"The Amazon Resource Name (ARN) of the Resource Share that is needed to grant HCP access to the transit gateway in AWS. The Resource Share should be associated with the HCP AWS account principal (see [aws_ram_principal_association](https://registry.terraform.io/providers/hashicorp/aws/latest/docs/resources/ram_principal_association)) and the transit gateway resource (see [aws_ram_resource_association](https://registry.terraform.io/providers/hashicorp/aws/latest/docs/resources/ram_resource_association))","description_kind":"plain","required":true,"sensitive":true},"self_link":{"type":"string","description":"A unique URL identifying the transit gateway attachment.","description_kind":"plain","computed":true},"state":{"type":"string","description":"The state of the transit gateway attachment.","description_kind":"plain","computed":true},"transit_gateway_attachment_id":{"type":"string","description":"The user-settable name of the transit gateway attachment in HCP.","description_kind":"plain","required":true},"transit_gateway_id":{"type":"string","description":"The ID of the user-owned transit gateway in AWS. The AWS region of the transit gateway must match the HVN.","description_kind":"plain","required":true}},"block_types":{"timeouts":{"nesting_mode":"single","block":{"attributes":{"create":{"type":"string","description_kind":"plain","optional":true},"default":{"type":"string","description_kind":"plain","optional":true},"delete":{"type":"string","description_kind":"plain","optional":true}},"description_kind":"plain"}}},"description":"The AWS transit gateway attachment resource allows you to manage a transit gateway attachment. The transit gateway attachment attaches an HVN to a user-owned transit gateway in AWS. Note that the HVN and transit gateway must be located in the same AWS region.","description_kind":"plain"}},"hcp_consul_cluster":{"version":0,"block":{"attributes":{"auto_hvn_to_hvn_peering":{"type":"bool","description":"Enables automatic HVN to HVN peering when creating a secondary cluster in a federation.","description_kind":"plain","optional":true,"computed":true},"cloud_provider":{"type":"string","description":"The provider where the HCP Consul cluster is located.","description_kind":"plain","computed":true},"cluster_id":{"type":"string","description":"The ID of the HCP Consul cluster.","description_kind":"plain","required":true},"connect_enabled":{"type":"bool","description":"Denotes the Consul connect feature should be enabled for this cluster.  Default to true.","description_kind":"plain","optional":true},"consul_automatic_upgrades":{"type":"bool","description":"Denotes that automatic Consul upgrades are enabled.","description_kind":"plain","computed":true},"consul_ca_file":{"type":"string","description":"The cluster CA file encoded as a Base64 string.","description_kind":"plain","computed":true},"consul_config_file":{"type":"string","description":"The cluster config encoded as a Base64 string.","description_kind":"plain","computed":true},"consul_private_endpoint_url":{"type":"string","description":"The private URL for the Consul UI.","description_kind":"plain","computed":true},"consul_public_endpoint_url":{"type":"string","description":"The public URL for the Consul UI. This will be empty if `public_endpoint` is `false`.","description_kind":"plain","computed":true},"consul_root_token_accessor_id":{"type":"string","description":"The accessor ID of the root ACL token that is generated upon cluster creation. If a new root token is generated using the `hcp_consul_root_token` resource, this field is no longer valid.","description_kind":"plain","computed":true},"consul_root_token_secret_id":{"type":"string","description":"The secret ID of the root ACL token that is generated upon cluster creation. If a new root token is generated using the `hcp_consul_root_token` resource, this field is no longer valid.","description_kind":"plain","computed":true,"sensitive":true},"consul_snapshot_interval":{"type":"string","description":"The Consul snapshot interval.","description_kind":"plain","computed":true},"consul_snapshot_retention":{"type":"string","description":"The retention policy for Consul snapshots.","description_kind":"plain","computed":true},"consul_version":{"type":"string","description":"The Consul version of the cluster.","description_kind":"plain","computed":true},"datacenter":{"type":"string","description":"The Consul data center name of the cluster. If not specified, it is defaulted to the value of `cluster_id`.","description_kind":"plain","optional":true,"computed":true},"hvn_id":{"type":"string","description":"The ID of the HVN this HCP Consul cluster is associated to.","description_kind":"plain","required":true},"id":{"type":"string","description_kind":"plain","optional":true,"computed":true},"min_consul_version":{"type":"string","description":"The minimum Consul version of the cluster. If not specified, it is defaulted to the version that is currently recommended by HCP.","description_kind":"plain","optional":true},"organization_id":{"type":"string","description":"The ID of the organization this HCP Consul cluster is located in.","description_kind":"plain","computed":true},"primary_link":{"type":"string","description":"The `self_link` of the HCP Consul cluster which is the primary in the federation setup with this HCP Consul cluster. If not specified, it is a standalone cluster.","description_kind":"plain","optional":true},"project_id":{"type":"string","description":"The ID of the project this HCP Consul cluster is located in.","description_kind":"plain","computed":true},"public_endpoint":{"type":"bool","description":"Denotes that the cluster has a public endpoint for the Consul UI. Defaults to false.","description_kind":"plain","optional":true},"region":{"type":"string","description":"The region where the HCP Consul cluster is located.","description_kind":"plain","computed":true},"scale":{"type":"number","description":"The number of Consul server nodes in the cluster.","description_kind":"plain","computed":true},"self_link":{"type":"string","description":"A unique URL identifying the HCP Consul cluster.","description_kind":"plain","computed":true},"size":{"type":"string","description":"The t-shirt size representation of each server VM that this Consul cluster is provisioned with. Valid option for development tier - `x_small`. Valid options for other tiers - `small`, `medium`, `large`. For more details - https://cloud.hashicorp.com/pricing/consul","description_kind":"plain","optional":true,"computed":true},"tier":{"type":"string","description":"The tier that the HCP Consul cluster will be provisioned as.  Only `development`, `standard` and `plus` are available at this time. See [pricing information](https://cloud.hashicorp.com/pricing/consul).","description_kind":"plain","required":true}},"block_types":{"timeouts":{"nesting_mode":"single","block":{"attributes":{"create":{"type":"string","description_kind":"plain","optional":true},"default":{"type":"string","description_kind":"plain","optional":true},"delete":{"type":"string","description_kind":"plain","optional":true},"update":{"type":"string","description_kind":"plain","optional":true}},"description_kind":"plain"}}},"description":"The Consul cluster resource allows you to manage an HCP Consul cluster.","description_kind":"plain"}},"hcp_consul_cluster_root_token":{"version":0,"block":{"attributes":{"accessor_id":{"type":"string","description":"The accessor ID of the root ACL token.","description_kind":"plain","computed":true},"cluster_id":{"type":"string","description":"The ID of the HCP Consul cluster.","description_kind":"plain","required":true},"id":{"type":"string","description_kind":"plain","optional":true,"computed":true},"kubernetes_secret":{"type":"string","description":"The root ACL token Base64 encoded in a Kubernetes secret.","description_kind":"plain","computed":true,"sensitive":true},"secret_id":{"type":"string","description":"The secret ID of the root ACL token.","description_kind":"plain","computed":true,"sensitive":true}},"block_types":{"timeouts":{"nesting_mode":"single","block":{"attributes":{"default":{"type":"string","description_kind":"plain","optional":true}},"description_kind":"plain"}}},"description":"The cluster root token resource is the token used to bootstrap the cluster's ACL system. Using this resource to create a new root token for a cluster will invalidate the consul root token accessor id and Consul root token secret id properties of the cluster.","description_kind":"plain"}},"hcp_consul_snapshot":{"version":0,"block":{"attributes":{"cluster_id":{"type":"string","description":"The ID of the HCP Consul cluster.","description_kind":"plain","required":true},"consul_version":{"type":"string","description":"The version of Consul at the time of snapshot creation.","description_kind":"plain","computed":true},"id":{"type":"string","description_kind":"plain","optional":true,"computed":true},"organization_id":{"type":"string","description":"The ID of the HCP organization where the project the HCP Consul cluster is located.","description_kind":"plain","computed":true},"project_id":{"type":"string","description":"The ID of the project the HCP Consul cluster is located.","description_kind":"plain","computed":true},"restored_at":{"type":"string","description":"Timestamp of when the snapshot was restored. If the snapshot has not been restored, this field will be blank.","description_kind":"plain","computed":true},"size":{"type":"number","description":"The size of the snapshot in bytes.","description_kind":"plain","computed":true},"snapshot_id":{"type":"string","description":"The ID of the Consul snapshot","description_kind":"plain","computed":true},"snapshot_name":{"type":"string","description":"The name of the snapshot.","description_kind":"plain","required":true}},"block_types":{"timeouts":{"nesting_mode":"single","block":{"attributes":{"create":{"type":"string","description_kind":"plain","optional":true},"default":{"type":"string","description_kind":"plain","optional":true},"delete":{"type":"string","description_kind":"plain","optional":true},"update":{"type":"string","description_kind":"plain","optional":true}},"description_kind":"plain"}}},"description":"The Consul snapshot resource allows users to manage Consul snapshots of an HCP Consul cluster. Snapshots currently have a retention policy of 30 days.","description_kind":"plain"}},"hcp_hvn":{"version":0,"block":{"attributes":{"cidr_block":{"type":"string","description":"The CIDR range of the HVN. If this is not provided, the service will provide a default value.","description_kind":"plain","optional":true,"computed":true},"cloud_provider":{"type":"string","description":"The provider where the HVN is located. Only 'aws' is available at this time.","description_kind":"plain","required":true},"created_at":{"type":"string","description":"The time that the HVN was created.","description_kind":"plain","computed":true},"hvn_id":{"type":"string","description":"The ID of the HashiCorp Virtual Network (HVN).","description_kind":"plain","required":true},"id":{"type":"string","description_kind":"plain","optional":true,"computed":true},"organization_id":{"type":"string","description":"The ID of the HCP organization where the HVN is located.","description_kind":"plain","computed":true},"project_id":{"type":"string","description":"The ID of the HCP project where the HVN is located.","description_kind":"plain","computed":true},"provider_account_id":{"type":"string","description":"The provider account ID where the HVN is located.","description_kind":"plain","computed":true},"region":{"type":"string","description":"The region where the HVN is located.","description_kind":"plain","required":true},"self_link":{"type":"string","description":"A unique URL identifying the HVN.","description_kind":"plain","computed":true}},"block_types":{"timeouts":{"nesting_mode":"single","block":{"attributes":{"create":{"type":"string","description_kind":"plain","optional":true},"default":{"type":"string","description_kind":"plain","optional":true},"delete":{"type":"string","description_kind":"plain","optional":true}},"description_kind":"plain"}}},"description":"The HVN resource allows you to manage a HashiCorp Virtual Network in HCP.","description_kind":"plain"}},"hcp_hvn_route":{"version":0,"block":{"attributes":{"created_at":{"type":"string","description":"The time that the HVN route was created.","description_kind":"plain","computed":true},"destination_cidr":{"type":"string","description":"The destination CIDR of the HVN route.","description_kind":"plain","required":true},"hvn_link":{"type":"string","description":"The `self_link` of the HashiCorp Virtual Network (HVN).","description_kind":"plain","required":true},"hvn_route_id":{"type":"string","description":"The ID of the HVN route.","description_kind":"plain","required":true},"id":{"type":"string","description_kind":"plain","optional":true,"computed":true},"self_link":{"type":"string","description":"A unique URL identifying the HVN route.","description_kind":"plain","computed":true},"state":{"type":"string","description":"The state of the HVN route.","description_kind":"plain","computed":true},"target_link":{"type":"string","description":"A unique URL identifying the target of the HVN route. Examples of the target: [`aws_network_peering`](aws_network_peering.md), [`aws_transit_gateway_attachment`](aws_transit_gateway_attachment.md)","description_kind":"plain","required":true}},"block_types":{"timeouts":{"nesting_mode":"single","block":{"attributes":{"create":{"type":"string","description_kind":"plain","optional":true},"default":{"type":"string","description_kind":"plain","optional":true},"delete":{"type":"string","description_kind":"plain","optional":true}},"description_kind":"plain"}}},"description":"The HVN route resource allows you to manage an HVN route.","description_kind":"plain"}},"hcp_vault_cluster":{"version":0,"block":{"attributes":{"cloud_provider":{"type":"string","description":"The provider where the HCP Vault cluster is located.","description_kind":"plain","computed":true},"cluster_id":{"type":"string","description":"The ID of the HCP Vault cluster.","description_kind":"plain","required":true},"created_at":{"type":"string","description":"The time that the Vault cluster was created.","description_kind":"plain","computed":true},"hvn_id":{"type":"string","description":"The ID of the HVN this HCP Vault cluster is associated to.","description_kind":"plain","required":true},"id":{"type":"string","description_kind":"plain","optional":true,"computed":true},"min_vault_version":{"type":"string","description":"The minimum Vault version to use when creating the cluster. If not specified, it is defaulted to the version that is currently recommended by HCP.","description_kind":"plain","optional":true},"namespace":{"type":"string","description":"The name of the customer namespace this HCP Vault cluster is located in.","description_kind":"plain","computed":true},"organization_id":{"type":"string","description":"The ID of the organization this HCP Vault cluster is located in.","description_kind":"plain","computed":true},"project_id":{"type":"string","description":"The ID of the project this HCP Vault cluster is located in.","description_kind":"plain","computed":true},"public_endpoint":{"type":"bool","description":"Denotes that the cluster has a public endpoint. Defaults to false.","description_kind":"plain","optional":true},"region":{"type":"string","description":"The region where the HCP Vault cluster is located.","description_kind":"plain","computed":true},"tier":{"type":"string","description":"Tier of the HCP Vault cluster. Valid options for tiers - `dev`, `standard_small`, `standard_medium`, `standard_large`. See [pricing information](https://cloud.hashicorp.com/pricing/vault).","description_kind":"plain","optional":true,"computed":true},"vault_private_endpoint_url":{"type":"string","description":"The private URL for the Vault cluster.","description_kind":"plain","computed":true},"vault_public_endpoint_url":{"type":"string","description":"The public URL for the Vault cluster. This will be empty if `public_endpoint` is `false`.","description_kind":"plain","computed":true},"vault_version":{"type":"string","description":"The Vault version of the cluster.","description_kind":"plain","computed":true}},"block_types":{"timeouts":{"nesting_mode":"single","block":{"attributes":{"create":{"type":"string","description_kind":"plain","optional":true},"default":{"type":"string","description_kind":"plain","optional":true},"delete":{"type":"string","description_kind":"plain","optional":true},"update":{"type":"string","description_kind":"plain","optional":true}},"description_kind":"plain"}}},"description":"The Vault cluster resource allows you to manage an HCP Vault cluster.","description_kind":"plain"}},"hcp_vault_cluster_admin_token":{"version":0,"block":{"attributes":{"cluster_id":{"type":"string","description":"The ID of the HCP Vault cluster.","description_kind":"plain","required":true},"created_at":{"type":"string","description":"The time that the admin token was created.","description_kind":"plain","computed":true},"id":{"type":"string","description_kind":"plain","optional":true,"computed":true},"token":{"type":"string","description":"The admin token of this HCP Vault cluster.","description_kind":"plain","computed":true,"sensitive":true}},"block_types":{"timeouts":{"nesting_mode":"single","block":{"attributes":{"create":{"type":"string","description_kind":"plain","optional":true},"delete":{"type":"string","description_kind":"plain","optional":true},"read":{"type":"string","description_kind":"plain","optional":true}},"description_kind":"plain"}}},"description":"The Vault cluster admin token resource generates an admin-level token for the HCP Vault cluster.","description_kind":"plain"}}},"data_source_schemas":{"hcp_aws_network_peering":{"version":0,"block":{"attributes":{"created_at":{"type":"string","description":"The time that the network peering was created.","description_kind":"plain","computed":true},"expires_at":{"type":"string","description":"The time after which the network peering will be considered expired if it hasn't transitioned into `ACCEPTED` or `ACTIVE` state.","description_kind":"plain","computed":true},"hvn_id":{"type":"string","description":"The ID of the HashiCorp Virtual Network (HVN).","description_kind":"plain","required":true},"id":{"type":"string","description_kind":"plain","optional":true,"computed":true},"organization_id":{"type":"string","description":"The ID of the HCP organization where the network peering is located. Always matches the HVN's organization.","description_kind":"plain","computed":true},"peer_account_id":{"type":"string","description":"The account ID of the peer VPC in AWS.","description_kind":"plain","computed":true},"peer_vpc_id":{"type":"string","description":"The ID of the peer VPC in AWS.","description_kind":"plain","computed":true},"peer_vpc_region":{"type":"string","description":"The region of the peer VPC in AWS.","description_kind":"plain","computed":true},"peering_id":{"type":"string","description":"The ID of the network peering.","description_kind":"plain","required":true},"project_id":{"type":"string","description":"The ID of the HCP project where the network peering is located. Always matches the HVN's project.","description_kind":"plain","computed":true},"provider_peering_id":{"type":"string","description":"The peering connection ID used by AWS.","description_kind":"plain","computed":true},"self_link":{"type":"string","description":"A unique URL identifying the network peering.","description_kind":"plain","computed":true}},"block_types":{"timeouts":{"nesting_mode":"single","block":{"attributes":{"default":{"type":"string","description_kind":"plain","optional":true}},"description_kind":"plain"}}},"description":"The AWS network peering data source provides information about an existing network peering between an HVN and a peer AWS VPC.","description_kind":"plain"}},"hcp_aws_transit_gateway_attachment":{"version":0,"block":{"attributes":{"created_at":{"type":"string","description":"The time that the transit gateway attachment was created.","description_kind":"plain","computed":true},"expires_at":{"type":"string","description":"The time after which the transit gateway attachment will be considered expired if it hasn't transitioned into `ACCEPTED` or `ACTIVE` state.","description_kind":"plain","computed":true},"hvn_id":{"type":"string","description":"The ID of the HashiCorp Virtual Network (HVN).","description_kind":"plain","required":true},"id":{"type":"string","description_kind":"plain","optional":true,"computed":true},"organization_id":{"type":"string","description":"The ID of the HCP organization where the transit gateway attachment is located. Always matches the HVN's organization.","description_kind":"plain","computed":true},"project_id":{"type":"string","description":"The ID of the HCP project where the transit gateway attachment is located. Always matches the HVN's project.","description_kind":"plain","computed":true},"provider_transit_gateway_attachment_id":{"type":"string","description":"The transit gateway attachment ID used by AWS.","description_kind":"plain","computed":true},"self_link":{"type":"string","description":"A unique URL identifying the transit gateway attachment.","description_kind":"plain","computed":true},"state":{"type":"string","description":"The state of the transit gateway attachment.","description_kind":"plain","computed":true},"transit_gateway_attachment_id":{"type":"string","description":"The user-settable name of the transit gateway attachment in HCP.","description_kind":"plain","required":true},"transit_gateway_id":{"type":"string","description":"The ID of the user-owned transit gateway in AWS.","description_kind":"plain","computed":true},"wait_for_active_state":{"type":"bool","description":"If `true`, Terraform will wait for the transit gateway attachment to reach an `ACTIVE` state before continuing. Default `false`.","description_kind":"plain","optional":true}},"block_types":{"timeouts":{"nesting_mode":"single","block":{"attributes":{"default":{"type":"string","description_kind":"plain","optional":true}},"description_kind":"plain"}}},"description":"The AWS transit gateway attachment data source provides information about an existing transit gateway attachment.","description_kind":"plain"}},"hcp_consul_agent_helm_config":{"version":0,"block":{"attributes":{"cluster_id":{"type":"string","description":"The ID of the HCP Consul cluster.","description_kind":"plain","required":true},"config":{"type":"string","description":"The agent Helm config.","description_kind":"plain","computed":true},"expose_gossip_ports":{"type":"bool","description":"Denotes that the gossip ports should be exposed.","description_kind":"plain","optional":true},"id":{"type":"string","description_kind":"plain","optional":true,"computed":true},"kubernetes_endpoint":{"type":"string","description":"The FQDN for the Kubernetes API.","description_kind":"plain","required":true}},"block_types":{"timeouts":{"nesting_mode":"single","block":{"attributes":{"default":{"type":"string","description_kind":"plain","optional":true}},"description_kind":"plain"}}},"description":"The Consul agent Helm config data source provides Helm values for a Consul agent running in Kubernetes.","description_kind":"plain"}},"hcp_consul_agent_kubernetes_secret":{"version":0,"block":{"attributes":{"cluster_id":{"type":"string","description":"The ID of the HCP Consul cluster.","description_kind":"plain","required":true},"id":{"type":"string","description_kind":"plain","optional":true,"computed":true},"secret":{"type":"string","description":"The Consul agent configuration in the format of a Kubernetes secret (YAML).","description_kind":"plain","computed":true}},"block_types":{"timeouts":{"nesting_mode":"single","block":{"attributes":{"default":{"type":"string","description_kind":"plain","optional":true}},"description_kind":"plain"}}},"description":"The agent config Kubernetes secret data source provides Consul agents running in Kubernetes the configuration needed to connect to the Consul cluster.","description_kind":"plain"}},"hcp_consul_cluster":{"version":0,"block":{"attributes":{"auto_hvn_to_hvn_peering":{"type":"bool","description":"Enables automatic HVN to HVN peering when creating a secondary cluster in a federation.","description_kind":"plain","computed":true},"cloud_provider":{"type":"string","description":"The provider where the HCP Consul cluster is located. Only 'aws' is available at this time.","description_kind":"plain","computed":true},"cluster_id":{"type":"string","description":"The ID of the HCP Consul cluster.","description_kind":"plain","required":true},"connect_enabled":{"type":"bool","description":"Denotes the Consul connect feature should be enabled for this cluster.  Default to true.","description_kind":"plain","computed":true},"consul_automatic_upgrades":{"type":"bool","description":"Denotes that automatic Consul upgrades are enabled.","description_kind":"plain","computed":true},"consul_ca_file":{"type":"string","description":"The cluster CA file encoded as a Base64 string.","description_kind":"plain","computed":true},"consul_config_file":{"type":"string","description":"The cluster config encoded as a Base64 string.","description_kind":"plain","computed":true},"consul_private_endpoint_url":{"type":"string","description":"The private URL for the Consul UI.","description_kind":"plain","computed":true},"consul_public_endpoint_url":{"type":"string","description":"The public URL for the Consul UI. This will be empty if `public_endpoint` is `false`.","description_kind":"plain","computed":true},"consul_snapshot_interval":{"type":"string","description":"The Consul snapshot interval.","description_kind":"plain","computed":true},"consul_snapshot_retention":{"type":"string","description":"The retention policy for Consul snapshots.","description_kind":"plain","computed":true},"consul_version":{"type":"string","description":"The Consul version of the cluster.","description_kind":"plain","computed":true},"datacenter":{"type":"string","description":"The Consul data center name of the cluster. If not specified, it is defaulted to the value of `cluster_id`.","description_kind":"plain","computed":true},"hvn_id":{"type":"string","description":"The ID of the HVN this HCP Consul cluster is associated to.","description_kind":"plain","computed":true},"id":{"type":"string","description_kind":"plain","optional":true,"computed":true},"organization_id":{"type":"string","description":"The ID of the organization the project for this HCP Consul cluster is located.","description_kind":"plain","computed":true},"primary_link":{"type":"string","description":"The `self_link` of the HCP Consul cluster which is the primary in the federation setup with this HCP Consul cluster. If not specified, it is a standalone cluster.","description_kind":"plain","computed":true},"project_id":{"type":"string","description":"The ID of the project this HCP Consul cluster is located.","description_kind":"plain","computed":true},"public_endpoint":{"type":"bool","description":"Denotes that the cluster has a public endpoint for the Consul UI. Defaults to false.","description_kind":"plain","computed":true},"region":{"type":"string","description":"The region where the HCP Consul cluster is located.","description_kind":"plain","computed":true},"scale":{"type":"number","description":"The the number of Consul server nodes in the cluster.","description_kind":"plain","computed":true},"self_link":{"type":"string","description":"A unique URL identifying the HCP Consul cluster.","description_kind":"plain","computed":true},"size":{"type":"string","description":"The t-shirt size representation of each server VM that this Consul cluster is provisioned with. Valid option for development tier - `x_small`. Valid options for other tiers - `small`, `medium`, `large`. For more details - https://cloud.hashicorp.com/pricing/consul","description_kind":"plain","computed":true},"tier":{"type":"string","description":"The tier that the HCP Consul cluster will be provisioned as.  Only `development`, `standard` and `plus` are available at this time.","description_kind":"plain","computed":true}},"block_types":{"timeouts":{"nesting_mode":"single","block":{"attributes":{"default":{"type":"string","description_kind":"plain","optional":true}},"description_kind":"plain"}}},"description":"The cluster data source provides information about an existing HCP Consul cluster.","description_kind":"plain"}},"hcp_consul_versions":{"version":0,"block":{"attributes":{"available":{"type":["list","string"],"description":"The Consul versions available on HCP.","description_kind":"plain","computed":true},"id":{"type":"string","description_kind":"plain","optional":true,"computed":true},"preview":{"type":["list","string"],"description":"The preview versions of Consul available on HCP.","description_kind":"plain","computed":true},"recommended":{"type":"string","description":"The recommended Consul version for HCP clusters.","description_kind":"plain","computed":true}},"block_types":{"timeouts":{"nesting_mode":"single","block":{"attributes":{"default":{"type":"string","description_kind":"plain","optional":true}},"description_kind":"plain"}}},"description":"The Consul versions data source provides the Consul versions supported by HCP.","description_kind":"plain"}},"hcp_hvn":{"version":0,"block":{"attributes":{"cidr_block":{"type":"string","description":"The CIDR range of the HVN.","description_kind":"plain","computed":true},"cloud_provider":{"type":"string","description":"The provider where the HVN is located.","description_kind":"plain","computed":true},"created_at":{"type":"string","description":"The time that the HVN was created.","description_kind":"plain","computed":true},"hvn_id":{"type":"string","description":"The ID of the HashiCorp Virtual Network (HVN).","description_kind":"plain","required":true},"id":{"type":"string","description_kind":"plain","optional":true,"computed":true},"organization_id":{"type":"string","description":"The ID of the HCP organization where the HVN is located.","description_kind":"plain","computed":true},"project_id":{"type":"string","description":"The ID of the HCP project where the HVN is located.","description_kind":"plain","computed":true},"provider_account_id":{"type":"string","description":"The provider account ID where the HVN is located.","description_kind":"plain","computed":true},"region":{"type":"string","description":"The region where the HVN is located.","description_kind":"plain","computed":true},"self_link":{"type":"string","description":"A unique URL identifying the HVN.","description_kind":"plain","computed":true}},"block_types":{"timeouts":{"nesting_mode":"single","block":{"attributes":{"default":{"type":"string","description_kind":"plain","optional":true}},"description_kind":"plain"}}},"description":"The HVN data source provides information about an existing HashiCorp Virtual Network.","description_kind":"plain"}},"hcp_hvn_route":{"version":0,"block":{"attributes":{"created_at":{"type":"string","description":"The time that the HVN route was created.","description_kind":"plain","computed":true},"destination_cidr":{"type":"string","description":"The destination CIDR of the HVN route.","description_kind":"plain","computed":true},"hvn_link":{"type":"string","description":"The `self_link` of the HashiCorp Virtual Network (HVN).","description_kind":"plain","required":true},"hvn_route_id":{"type":"string","description":"The ID of the HVN route.","description_kind":"plain","required":true},"id":{"type":"string","description_kind":"plain","optional":true,"computed":true},"self_link":{"type":"string","description":"A unique URL identifying the HVN route.","description_kind":"plain","computed":true},"state":{"type":"string","description":"The state of the HVN route.","description_kind":"plain","computed":true},"target_link":{"type":"string","description":"A unique URL identifying the target of the HVN route.","description_kind":"plain","computed":true}},"block_types":{"timeouts":{"nesting_mode":"single","block":{"attributes":{"default":{"type":"string","description_kind":"plain","optional":true}},"description_kind":"plain"}}},"description":"The HVN route data source provides information about an existing HVN route.","description_kind":"plain"}},"hcp_vault_cluster":{"version":0,"block":{"attributes":{"cloud_provider":{"type":"string","description":"The provider where the HCP Vault cluster is located.","description_kind":"plain","computed":true},"cluster_id":{"type":"string","description":"The ID of the HCP Vault cluster.","description_kind":"plain","required":true},"created_at":{"type":"string","description":"The time that the Vault cluster was created.","description_kind":"plain","computed":true},"hvn_id":{"type":"string","description":"The ID of the HVN this HCP Vault cluster is associated to.","description_kind":"plain","computed":true},"id":{"type":"string","description_kind":"plain","optional":true,"computed":true},"min_vault_version":{"type":"string","description":"The minimum Vault version to use when creating the cluster. If not specified, it is defaulted to the version that is currently recommended by HCP.","description_kind":"plain","computed":true},"namespace":{"type":"string","description":"The name of the customer namespace this HCP Vault cluster is located in.","description_kind":"plain","computed":true},"organization_id":{"type":"string","description":"The ID of the organization this HCP Vault cluster is located in.","description_kind":"plain","computed":true},"project_id":{"type":"string","description":"The ID of the project this HCP Vault cluster is located in.","description_kind":"plain","computed":true},"public_endpoint":{"type":"bool","description":"Denotes that the cluster has a public endpoint. Defaults to false.","description_kind":"plain","computed":true},"region":{"type":"string","description":"The region where the HCP Vault cluster is located.","description_kind":"plain","computed":true},"tier":{"type":"string","description":"The tier that the HCP Vault cluster will be provisioned as.  Only 'development' is available at this time.","description_kind":"plain","computed":true},"vault_private_endpoint_url":{"type":"string","description":"The private URL for the Vault cluster.","description_kind":"plain","computed":true},"vault_public_endpoint_url":{"type":"string","description":"The public URL for the Vault cluster. This will be empty if `public_endpoint` is `false`.","description_kind":"plain","computed":true},"vault_version":{"type":"string","description":"The Vault version of the cluster.","description_kind":"plain","computed":true}},"block_types":{"timeouts":{"nesting_mode":"single","block":{"attributes":{"default":{"type":"string","description_kind":"plain","optional":true}},"description_kind":"plain"}}},"description":"The cluster data source provides information about an existing HCP Vault cluster.","description_kind":"plain"}}}}}}
