{"format_version":"0.2","provider_schemas":{"registry.terraform.io/hashicorp/hcs":{"provider":{"version":0,"block":{"attributes":{"azure_client_certificate_password":{"type":"string","description":"The password associated with the Azure Client Certificate. For use when authenticating as a Service Principal using a Client Certificate","description_kind":"plain","optional":true},"azure_client_certificate_path":{"type":"string","description":"The path to the Azure Client Certificate associated with the Service Principal for use when authenticating as a Service Principal using a Client Certificate.","description_kind":"plain","optional":true},"azure_client_id":{"type":"string","description":"The Azure Client ID which should be used.","description_kind":"plain","optional":true},"azure_client_secret":{"type":"string","description":"The Azure Client Secret which should be used. For use when authenticating as a Service Principal using a Client Secret.","description_kind":"plain","optional":true},"azure_environment":{"type":"string","description":"The Azure Cloud Environment which should be used. Possible values are public, usgovernment, german, and china. Defaults to public.","description_kind":"plain","optional":true},"azure_metadata_host":{"type":"string","description":"The hostname which should be used for the Azure Metadata Service.","description_kind":"plain","optional":true},"azure_msi_endpoint":{"type":"string","description":"The path to a custom endpoint for Azure Managed Service Identity - in most circumstances this should be detected automatically.","description_kind":"plain","optional":true},"azure_subscription_id":{"type":"string","description":"The Azure Subscription ID which should be used.","description_kind":"plain","optional":true},"azure_tenant_id":{"type":"string","description":"The Azure Tenant ID which should be used.","description_kind":"plain","optional":true},"azure_use_msi":{"type":"bool","description":"Allowed Azure Managed Service Identity be used for Authentication.","description_kind":"plain","optional":true},"hcp_api_domain":{"type":"string","description":"The HashiCorp Cloud Platform API domain.","description_kind":"plain","optional":true},"hcs_marketplace_product_name":{"type":"string","description":"The HashiCorp Consul Service product name on the Azure marketplace.","description_kind":"plain","optional":true}},"description_kind":"plain"}},"resource_schemas":{"hcs_cluster":{"version":0,"block":{"attributes":{"audit_log_storage_container_url":{"type":"string","description":"The url of the Azure blob storage container to write audit logs to if `audit_logging_enabled` is `true`.","description_kind":"plain","optional":true},"audit_logging_enabled":{"type":"bool","description":"Enables Consul audit logging for the cluster resource. Defaults to `false`.","description_kind":"plain","optional":true},"blob_container_name":{"type":"string","description":"The name of the Blob Container in which cluster data is persisted.","description_kind":"plain","computed":true},"cluster_mode":{"type":"string","description":"The mode of the cluster ('Development' or 'Production'). Development clusters only have a single Consul server. Production clusters are fully supported, full featured, and deploy with a minimum of three hosts.","description_kind":"plain","required":true},"cluster_name":{"type":"string","description":"The name of the cluster Managed Resource. If not specified, it is defaulted to the value of `managed_application_name`.","description_kind":"plain","optional":true,"computed":true},"consul_automatic_upgrades":{"type":"bool","description":"Denotes that automatic Consul upgrades are enabled.","description_kind":"plain","computed":true},"consul_ca_file":{"type":"string","description":"The cluster CA file encoded as a Base64 string.","description_kind":"plain","computed":true},"consul_cluster_id":{"type":"string","description":"The cluster ID.","description_kind":"plain","computed":true},"consul_config_file":{"type":"string","description":"The cluster config encoded as a Base64 string.","description_kind":"plain","computed":true},"consul_connect":{"type":"bool","description":"Denotes that Consul connect is enabled.","description_kind":"plain","computed":true},"consul_datacenter":{"type":"string","description":"The Consul data center name of the cluster. If not specified, it is defaulted to the value of `managed_application_name`.","description_kind":"plain","optional":true,"computed":true},"consul_external_endpoint":{"type":"bool","description":"Denotes that the cluster has an external endpoint for the Consul UI. Defaults to `false`.","description_kind":"plain","optional":true},"consul_external_endpoint_url":{"type":"string","description":"The public URL for the Consul UI. This will be empty if `consul_external_endpoint` is `true`.","description_kind":"plain","computed":true},"consul_federation_token":{"type":"string","description":"The token used to join a federation of Consul clusters. If the cluster is not part of a federation, this field will be empty.","description_kind":"plain","optional":true},"consul_private_endpoint_url":{"type":"string","description":"The private URL for the Consul UI.","description_kind":"plain","computed":true},"consul_root_token_accessor_id":{"type":"string","description":"The accessor ID of the root ACL token that is generated upon cluster creation. If a new root token is generated using the `hcs_cluster_root_token` resource, this field is no longer valid.","description_kind":"plain","computed":true},"consul_root_token_secret_id":{"type":"string","description":"The secret ID of the root ACL token that is generated upon cluster creation. If a new root token is generated using the `hcs_cluster_root_token` resource, this field is no longer valid.","description_kind":"plain","computed":true,"sensitive":true},"consul_snapshot_interval":{"type":"string","description":"The Consul snapshot interval.","description_kind":"plain","computed":true},"consul_snapshot_retention":{"type":"string","description":"The retention policy for Consul snapshots.","description_kind":"plain","computed":true},"consul_version":{"type":"string","description":"The Consul version of the cluster.","description_kind":"plain","computed":true},"email":{"type":"string","description":"The contact email for the primary owner of the cluster.","description_kind":"plain","required":true},"id":{"type":"string","description_kind":"plain","optional":true,"computed":true},"location":{"type":"string","description":"The Azure region that the cluster is deployed to. If not specified, it is defaulted to the region of the Resource Group the Managed Application belongs to.","description_kind":"plain","optional":true,"computed":true},"managed_application_id":{"type":"string","description":"The ID of the Managed Application.","description_kind":"plain","computed":true},"managed_application_name":{"type":"string","description":"The name of the HCS Azure Managed Application.","description_kind":"plain","required":true},"managed_identity_name":{"type":"string","description":"The name of the managed identity used for writing audit logs if `audit_logging_enable` is `true`.","description_kind":"plain","computed":true},"managed_resource_group_name":{"type":"string","description":"The name of the Managed Resource Group in which the cluster resources belong. If not specified, it is defaulted to the value of `managed_application_name` with 'mrg-' prepended.","description_kind":"plain","optional":true,"computed":true},"min_consul_version":{"type":"string","description":"The minimum Consul version of the cluster. If not specified, it is defaulted to the version that is currently recommended by HCS.","description_kind":"plain","optional":true},"plan_name":{"type":"string","description":"The name of the Azure Marketplace HCS plan for the cluster. If not specified, it will default to the current HCS default plan (see the `hcs_plan_defaults` data source).","description_kind":"plain","optional":true,"computed":true},"resource_group_name":{"type":"string","description":"The name of the Resource Group in which the HCS Azure Managed Application belongs.","description_kind":"plain","required":true},"state":{"type":"string","description":"The state of the cluster.","description_kind":"plain","computed":true},"storage_account_name":{"type":"string","description":"The name of the Storage Account in which cluster data is persisted.","description_kind":"plain","computed":true},"storage_account_resource_group":{"type":"string","description":"The name of the Storage Account's Resource Group.","description_kind":"plain","computed":true},"tags":{"type":["map","string"],"description":"A mapping of tags to assign to the HCS Azure Managed Application resource.","description_kind":"plain","optional":true},"vnet_cidr":{"type":"string","description":"The VNET CIDR range of the Consul cluster. Defaults to `172.25.16.0/24`.","description_kind":"plain","optional":true},"vnet_id":{"type":"string","description":"The ID of the cluster's managed VNet.","description_kind":"plain","computed":true},"vnet_name":{"type":"string","description":"The name of the cluster's managed VNet.","description_kind":"plain","computed":true},"vnet_resource_group_name":{"type":"string","description":"The resource group that the cluster's managed VNet belongs to. This will be the same value as `managed_resource_group_name`.","description_kind":"plain","computed":true}},"block_types":{"timeouts":{"nesting_mode":"single","block":{"attributes":{"create":{"type":"string","description_kind":"plain","optional":true},"default":{"type":"string","description_kind":"plain","optional":true},"delete":{"type":"string","description_kind":"plain","optional":true},"update":{"type":"string","description_kind":"plain","optional":true}},"description_kind":"plain"}}},"description":"The cluster resource allows you to manage an HCS Azure Managed Application.","description_kind":"plain"}},"hcs_cluster_root_token":{"version":0,"block":{"attributes":{"accessor_id":{"type":"string","description":"The accessor ID of the root ACL token.","description_kind":"plain","computed":true},"id":{"type":"string","description_kind":"plain","optional":true,"computed":true},"kubernetes_secret":{"type":"string","description":"The root ACL token Base64 encoded in a Kubernetes secret.","description_kind":"plain","computed":true,"sensitive":true},"managed_application_name":{"type":"string","description":"The name of the HCS Azure Managed Application.","description_kind":"plain","required":true},"resource_group_name":{"type":"string","description":"The name of the Resource Group in which the HCS Azure Managed Application belongs.","description_kind":"plain","required":true},"secret_id":{"type":"string","description":"The secret ID of the root ACL token.","description_kind":"plain","computed":true,"sensitive":true}},"block_types":{"timeouts":{"nesting_mode":"single","block":{"attributes":{"default":{"type":"string","description_kind":"plain","optional":true}},"description_kind":"plain"}}},"description":"The cluster root token resource is the token used to bootstrap the cluster's ACL system. Using this resource to create a new root token for an cluster resource will invalidate the consul root token accessor id and Consul root token secret id properties of the cluster.","description_kind":"plain"}},"hcs_snapshot":{"version":0,"block":{"attributes":{"finished_at":{"type":"string","description":"Timestamp of when the snapshot was finished.","description_kind":"plain","computed":true},"id":{"type":"string","description_kind":"plain","optional":true,"computed":true},"managed_application_name":{"type":"string","description":"The name of the HCS Azure Managed Application.","description_kind":"plain","required":true},"requested_at":{"type":"string","description":"Timestamp of when the snapshot was requested.","description_kind":"plain","computed":true},"resource_group_name":{"type":"string","description":"The name of the Resource Group in which the HCS Azure Managed Application belongs.","description_kind":"plain","required":true},"restored_at":{"type":"string","description":"Timestamp of when the snapshot was restored. If the snapshot has not been restored, this field will be blank.","description_kind":"plain","computed":true},"size":{"type":"number","description":"The size of the snapshot in bytes.","description_kind":"plain","computed":true},"snapshot_name":{"type":"string","description":"The name of the snapshot.","description_kind":"plain","required":true},"state":{"type":"string","description":"The state of the snapshot.","description_kind":"plain","computed":true}},"block_types":{"timeouts":{"nesting_mode":"single","block":{"attributes":{"create":{"type":"string","description_kind":"plain","optional":true},"default":{"type":"string","description_kind":"plain","optional":true},"delete":{"type":"string","description_kind":"plain","optional":true},"update":{"type":"string","description_kind":"plain","optional":true}},"description_kind":"plain"}}},"description":"The snapshot resource allows users to manage Consul snapshots of an HCS cluster. Snapshots currently have a retention policy of 30 days.","description_kind":"plain"}}},"data_source_schemas":{"hcs_agent_helm_config":{"version":0,"block":{"attributes":{"aks_cluster_name":{"type":"string","description":"The name of the AKS cluster that will consume the Helm config.","description_kind":"plain","required":true},"aks_resource_group":{"type":"string","description":"The resource group name of the AKS cluster that will consume the Helm config. If not specified, it is defaulted to the value of `resource_group_name`.","description_kind":"plain","optional":true},"config":{"type":"string","description":"The agent Helm config.","description_kind":"plain","computed":true},"expose_gossip_ports":{"type":"bool","description":"Denotes that the gossip ports should be exposed. Defaults to `false`.","description_kind":"plain","optional":true},"id":{"type":"string","description_kind":"plain","optional":true,"computed":true},"managed_application_name":{"type":"string","description":"The name of the HCS Azure Managed Application.","description_kind":"plain","required":true},"resource_group_name":{"type":"string","description":"The name of the Resource Group in which the HCS Azure Managed Application belongs.","description_kind":"plain","required":true}},"block_types":{"timeouts":{"nesting_mode":"single","block":{"attributes":{"default":{"type":"string","description_kind":"plain","optional":true}},"description_kind":"plain"}}},"description":"The agent Helm config data source provides Helm values for a Consul agent running in Kubernetes.","description_kind":"plain"}},"hcs_agent_kubernetes_secret":{"version":0,"block":{"attributes":{"id":{"type":"string","description_kind":"plain","optional":true,"computed":true},"managed_application_name":{"type":"string","description":"The name of the HCS Azure Managed Application.","description_kind":"plain","required":true},"resource_group_name":{"type":"string","description":"The name of the Resource Group in which the HCS Azure Managed Application belongs.","description_kind":"plain","required":true},"secret":{"type":"string","description":"The Consul agent configuration in the format of a Kubernetes secret (YAML).","description_kind":"plain","computed":true,"sensitive":true}},"block_types":{"timeouts":{"nesting_mode":"single","block":{"attributes":{"default":{"type":"string","description_kind":"plain","optional":true}},"description_kind":"plain"}}},"description":"The agent config Kubernetes secret data source provides Consul agents running in Kubernetes the configuration needed to connect to the Consul cluster.","description_kind":"plain"}},"hcs_cluster":{"version":0,"block":{"attributes":{"blob_container_name":{"type":"string","description":"The name of the Blob Container in which cluster data is persisted.","description_kind":"plain","computed":true},"cluster_mode":{"type":"string","description":"The mode of the cluster ('Development' or 'Production'). Development clusters only have a single Consul server. Production clusters are fully supported, full featured, and deploy with a minimum of three hosts.","description_kind":"plain","computed":true},"cluster_name":{"type":"string","description":"The name of the cluster Managed Resource. If not specified, it is defaulted to the value of `managed_application_name`.","description_kind":"plain","optional":true,"computed":true},"consul_automatic_upgrades":{"type":"bool","description":"Denotes that automatic Consul upgrades are enabled.","description_kind":"plain","computed":true},"consul_ca_file":{"type":"string","description":"The cluster CA file encoded as a Base64 string.","description_kind":"plain","computed":true},"consul_cluster_id":{"type":"string","description":"The cluster ID.","description_kind":"plain","computed":true},"consul_config_file":{"type":"string","description":"The cluster config encoded as a Base64 string.","description_kind":"plain","computed":true},"consul_connect":{"type":"bool","description":"Denotes that Consul connect is enabled.","description_kind":"plain","computed":true},"consul_datacenter":{"type":"string","description":"The Consul data center name of the cluster.","description_kind":"plain","computed":true},"consul_external_endpoint":{"type":"bool","description":"Denotes that the cluster has an external endpoint for the Consul UI.","description_kind":"plain","computed":true},"consul_external_endpoint_url":{"type":"string","description":"The public URL for the Consul UI. This will be empty if `consul_external_endpoint` is `true`.","description_kind":"plain","computed":true},"consul_federation_token":{"type":"string","description":"The token used to join a federation of Consul clusters. If the cluster is not part of a federation, this field will be empty.","description_kind":"plain","computed":true},"consul_private_endpoint_url":{"type":"string","description":"The private URL for the Consul UI.","description_kind":"plain","computed":true},"consul_snapshot_interval":{"type":"string","description":"The Consul snapshot interval.","description_kind":"plain","computed":true},"consul_snapshot_retention":{"type":"string","description":"The retention policy for Consul snapshots.","description_kind":"plain","computed":true},"consul_version":{"type":"string","description":"The Consul version of the cluster.","description_kind":"plain","computed":true},"email":{"type":"string","description":"The contact email for the primary owner of the cluster.","description_kind":"plain","computed":true},"id":{"type":"string","description_kind":"plain","optional":true,"computed":true},"location":{"type":"string","description":"The Azure region that the cluster is deployed to.","description_kind":"plain","computed":true},"managed_application_id":{"type":"string","description":"The ID of the Managed Application.","description_kind":"plain","computed":true},"managed_application_name":{"type":"string","description":"The name of the HCS Azure Managed Application.","description_kind":"plain","required":true},"managed_resource_group_name":{"type":"string","description":"The name of the Managed Resource Group in which the cluster resources belong.","description_kind":"plain","computed":true},"plan_name":{"type":"string","description":"The name of the Azure Marketplace HCS plan for the cluster.","description_kind":"plain","computed":true},"resource_group_name":{"type":"string","description":"The name of the Resource Group in which the HCS Azure Managed Application belongs.","description_kind":"plain","required":true},"state":{"type":"string","description":"The state of the cluster.","description_kind":"plain","computed":true},"storage_account_name":{"type":"string","description":"The name of the Storage Account in which cluster data is persisted.","description_kind":"plain","computed":true},"storage_account_resource_group":{"type":"string","description":"The name of the Storage Account's Resource Group.","description_kind":"plain","computed":true},"tags":{"type":["map","string"],"description":"A mapping of tags assigned to the HCS Azure Managed Application resource.","description_kind":"plain","computed":true},"vnet_cidr":{"type":"string","description":"The VNET CIDR range of the Consul cluster.","description_kind":"plain","computed":true},"vnet_id":{"type":"string","description":"The ID of the cluster's managed VNet.","description_kind":"plain","computed":true},"vnet_name":{"type":"string","description":"The name of the cluster's managed VNet.","description_kind":"plain","computed":true},"vnet_resource_group_name":{"type":"string","description":"The resource group that the cluster's managed VNet belongs to. This will be the same value as `managed_resource_group_name`.","description_kind":"plain","computed":true}},"block_types":{"timeouts":{"nesting_mode":"single","block":{"attributes":{"default":{"type":"string","description_kind":"plain","optional":true}},"description_kind":"plain"}}},"description":"The cluster data source provides information about an existing HCS cluster.","description_kind":"plain"}},"hcs_consul_versions":{"version":0,"block":{"attributes":{"available":{"type":["list","string"],"description":"The Consul versions available on HCS.","description_kind":"plain","computed":true},"id":{"type":"string","description_kind":"plain","optional":true,"computed":true},"preview":{"type":["list","string"],"description":"The preview versions of Consul available on HCS.","description_kind":"plain","computed":true},"recommended":{"type":"string","description":"The recommended Consul version for HCS clusters.","description_kind":"plain","computed":true}},"block_types":{"timeouts":{"nesting_mode":"single","block":{"attributes":{"default":{"type":"string","description_kind":"plain","optional":true}},"description_kind":"plain"}}},"description":"The Consul versions data source provides the Consul versions supported by HCS.","description_kind":"plain"}},"hcs_federation_token":{"version":0,"block":{"attributes":{"id":{"type":"string","description_kind":"plain","optional":true,"computed":true},"managed_application_name":{"type":"string","description":"The name of the HCS Azure Managed Application.","description_kind":"plain","required":true},"resource_group_name":{"type":"string","description":"The name of the Resource Group in which the HCS Azure Managed Application belongs.","description_kind":"plain","required":true},"token":{"type":"string","description":"The federation token.","description_kind":"plain","computed":true,"sensitive":true}},"block_types":{"timeouts":{"nesting_mode":"single","block":{"attributes":{"default":{"type":"string","description_kind":"plain","optional":true}},"description_kind":"plain"}}},"description":"The federation token data source can be used during HCS cluster creation to join the cluster to a federation.","description_kind":"plain"}},"hcs_plan_defaults":{"version":0,"block":{"attributes":{"id":{"type":"string","description_kind":"plain","optional":true,"computed":true},"offer":{"type":"string","description":"The name of the offer for the HCS Azure Managed Application.","description_kind":"plain","computed":true},"plan_name":{"type":"string","description":"The plan name for the HCS Azure Managed Application offer.","description_kind":"plain","computed":true},"plan_version":{"type":"string","description":"The plan version for the HCS Azure Managed Application offer.","description_kind":"plain","computed":true},"publisher":{"type":"string","description":"The publisher for the HCS Azure Managed Application offer.","description_kind":"plain","computed":true}},"block_types":{"timeouts":{"nesting_mode":"single","block":{"attributes":{"default":{"type":"string","description_kind":"plain","optional":true}},"description_kind":"plain"}}},"description":"The plan defaults data source provides details about the current Azure Marketplace Plan defaults for the HCS offering. The plan defaults are useful when accepting the Azure Marketplace Agreement for the HCS Azure Managed Application.","description_kind":"plain"}}}}}}
