{"format_version":"0.2","provider_schemas":{"registry.terraform.io/hashicorp/tfe":{"provider":{"version":0,"block":{"attributes":{"hostname":{"type":"string","description":"The Terraform Enterprise hostname to connect to. Defaults to app.terraform.io.","description_kind":"plain","optional":true},"token":{"type":"string","description":"The token used to authenticate with Terraform Enterprise. We recommend omitting\nthe token which can be set as credentials in the CLI config file.","description_kind":"plain","optional":true}},"description_kind":"plain"}},"resource_schemas":{"tfe_oauth_client":{"version":0,"block":{"attributes":{"api_url":{"type":"string","description_kind":"plain","required":true},"http_url":{"type":"string","description_kind":"plain","required":true},"id":{"type":"string","description_kind":"plain","optional":true,"computed":true},"oauth_token":{"type":"string","description_kind":"plain","required":true,"sensitive":true},"oauth_token_id":{"type":"string","description_kind":"plain","computed":true},"organization":{"type":"string","description_kind":"plain","required":true},"service_provider":{"type":"string","description_kind":"plain","required":true}},"description_kind":"plain"}},"tfe_organization":{"version":0,"block":{"attributes":{"collaborator_auth_policy":{"type":"string","description_kind":"plain","optional":true},"email":{"type":"string","description_kind":"plain","required":true},"id":{"type":"string","description_kind":"plain","optional":true,"computed":true},"name":{"type":"string","description_kind":"plain","required":true},"owners_team_saml_role_id":{"type":"string","description_kind":"plain","optional":true},"session_remember_minutes":{"type":"number","description_kind":"plain","optional":true},"session_timeout_minutes":{"type":"number","description_kind":"plain","optional":true}},"description_kind":"plain"}},"tfe_organization_token":{"version":0,"block":{"attributes":{"force_regenerate":{"type":"bool","description_kind":"plain","optional":true},"id":{"type":"string","description_kind":"plain","optional":true,"computed":true},"organization":{"type":"string","description_kind":"plain","required":true},"token":{"type":"string","description_kind":"plain","computed":true,"sensitive":true}},"description_kind":"plain"}},"tfe_policy_set":{"version":0,"block":{"attributes":{"description":{"type":"string","description_kind":"plain","optional":true,"computed":true},"global":{"type":"bool","description_kind":"plain","optional":true},"id":{"type":"string","description_kind":"plain","optional":true,"computed":true},"name":{"type":"string","description_kind":"plain","required":true},"organization":{"type":"string","description_kind":"plain","required":true},"policy_ids":{"type":["set","string"],"description_kind":"plain","required":true},"workspace_external_ids":{"type":["set","string"],"description_kind":"plain","optional":true}},"description_kind":"plain"}},"tfe_sentinel_policy":{"version":0,"block":{"attributes":{"description":{"type":"string","description_kind":"plain","optional":true,"computed":true},"enforce_mode":{"type":"string","description_kind":"plain","optional":true},"id":{"type":"string","description_kind":"plain","optional":true,"computed":true},"name":{"type":"string","description_kind":"plain","required":true},"organization":{"type":"string","description_kind":"plain","required":true},"policy":{"type":"string","description_kind":"plain","required":true}},"description_kind":"plain"}},"tfe_ssh_key":{"version":0,"block":{"attributes":{"id":{"type":"string","description_kind":"plain","optional":true,"computed":true},"key":{"type":"string","description_kind":"plain","required":true,"sensitive":true},"name":{"type":"string","description_kind":"plain","required":true},"organization":{"type":"string","description_kind":"plain","required":true}},"description_kind":"plain"}},"tfe_team":{"version":0,"block":{"attributes":{"id":{"type":"string","description_kind":"plain","optional":true,"computed":true},"name":{"type":"string","description_kind":"plain","required":true},"organization":{"type":"string","description_kind":"plain","required":true}},"description_kind":"plain"}},"tfe_team_access":{"version":0,"block":{"attributes":{"access":{"type":"string","description_kind":"plain","required":true},"id":{"type":"string","description_kind":"plain","optional":true,"computed":true},"team_id":{"type":"string","description_kind":"plain","required":true},"workspace_id":{"type":"string","description_kind":"plain","required":true}},"description_kind":"plain"}},"tfe_team_member":{"version":0,"block":{"attributes":{"id":{"type":"string","description_kind":"plain","optional":true,"computed":true},"team_id":{"type":"string","description_kind":"plain","required":true},"username":{"type":"string","description_kind":"plain","required":true}},"description_kind":"plain"}},"tfe_team_members":{"version":0,"block":{"attributes":{"id":{"type":"string","description_kind":"plain","optional":true,"computed":true},"team_id":{"type":"string","description_kind":"plain","required":true},"usernames":{"type":["set","string"],"description_kind":"plain","required":true}},"description_kind":"plain"}},"tfe_team_token":{"version":0,"block":{"attributes":{"force_regenerate":{"type":"bool","description_kind":"plain","optional":true},"id":{"type":"string","description_kind":"plain","optional":true,"computed":true},"team_id":{"type":"string","description_kind":"plain","required":true},"token":{"type":"string","description_kind":"plain","computed":true,"sensitive":true}},"description_kind":"plain"}},"tfe_variable":{"version":0,"block":{"attributes":{"category":{"type":"string","description_kind":"plain","required":true},"hcl":{"type":"bool","description_kind":"plain","optional":true},"id":{"type":"string","description_kind":"plain","optional":true,"computed":true},"key":{"type":"string","description_kind":"plain","required":true},"sensitive":{"type":"bool","description_kind":"plain","optional":true},"value":{"type":"string","description_kind":"plain","optional":true,"sensitive":true},"workspace_id":{"type":"string","description_kind":"plain","required":true}},"description_kind":"plain"}},"tfe_workspace":{"version":0,"block":{"attributes":{"auto_apply":{"type":"bool","description_kind":"plain","optional":true},"external_id":{"type":"string","description_kind":"plain","computed":true},"file_triggers_enabled":{"type":"bool","description_kind":"plain","optional":true},"id":{"type":"string","description_kind":"plain","optional":true,"computed":true},"name":{"type":"string","description_kind":"plain","required":true},"organization":{"type":"string","description_kind":"plain","required":true},"queue_all_runs":{"type":"bool","description_kind":"plain","optional":true},"ssh_key_id":{"type":"string","description_kind":"plain","optional":true},"terraform_version":{"type":"string","description_kind":"plain","optional":true,"computed":true},"trigger_prefixes":{"type":["list","string"],"description_kind":"plain","optional":true},"working_directory":{"type":"string","description_kind":"plain","optional":true,"computed":true}},"block_types":{"vcs_repo":{"nesting_mode":"list","block":{"attributes":{"branch":{"type":"string","description_kind":"plain","optional":true},"identifier":{"type":"string","description_kind":"plain","required":true},"ingress_submodules":{"type":"bool","description_kind":"plain","optional":true},"oauth_token_id":{"type":"string","description_kind":"plain","required":true}},"description_kind":"plain"},"max_items":1}},"description_kind":"plain"}}},"data_source_schemas":{"tfe_ssh_key":{"version":0,"block":{"attributes":{"id":{"type":"string","description_kind":"plain","optional":true,"computed":true},"name":{"type":"string","description_kind":"plain","required":true},"organization":{"type":"string","description_kind":"plain","required":true}},"description_kind":"plain"}},"tfe_team":{"version":0,"block":{"attributes":{"id":{"type":"string","description_kind":"plain","optional":true,"computed":true},"name":{"type":"string","description_kind":"plain","required":true},"organization":{"type":"string","description_kind":"plain","required":true}},"description_kind":"plain"}},"tfe_team_access":{"version":0,"block":{"attributes":{"access":{"type":"string","description_kind":"plain","computed":true},"id":{"type":"string","description_kind":"plain","optional":true,"computed":true},"team_id":{"type":"string","description_kind":"plain","required":true},"workspace_id":{"type":"string","description_kind":"plain","required":true}},"description_kind":"plain"}},"tfe_workspace":{"version":0,"block":{"attributes":{"auto_apply":{"type":"bool","description_kind":"plain","computed":true},"external_id":{"type":"string","description_kind":"plain","computed":true},"file_triggers_enabled":{"type":"bool","description_kind":"plain","computed":true},"id":{"type":"string","description_kind":"plain","optional":true,"computed":true},"name":{"type":"string","description_kind":"plain","required":true},"organization":{"type":"string","description_kind":"plain","required":true},"queue_all_runs":{"type":"bool","description_kind":"plain","computed":true},"ssh_key_id":{"type":"string","description_kind":"plain","computed":true},"terraform_version":{"type":"string","description_kind":"plain","computed":true},"trigger_prefixes":{"type":["list","string"],"description_kind":"plain","computed":true},"vcs_repo":{"type":["list",["object",{"identifier":"string","ingress_submodules":"bool","oauth_token_id":"string"}]],"description_kind":"plain","computed":true},"working_directory":{"type":"string","description_kind":"plain","computed":true}},"description_kind":"plain"}},"tfe_workspace_ids":{"version":0,"block":{"attributes":{"external_ids":{"type":["map","string"],"description_kind":"plain","computed":true},"id":{"type":"string","description_kind":"plain","optional":true,"computed":true},"ids":{"type":["map","string"],"description_kind":"plain","computed":true},"names":{"type":["list","string"],"description_kind":"plain","required":true},"organization":{"type":"string","description_kind":"plain","required":true}},"description_kind":"plain"}}}}}}
