{"format_version":"0.2","provider_schemas":{"registry.terraform.io/hashicorp/tls":{"provider":{"version":0,"block":{"description_kind":"plain"}},"resource_schemas":{"tls_cert_request":{"version":0,"block":{"attributes":{"cert_request_pem":{"type":"string","description_kind":"plain","computed":true},"dns_names":{"type":["list","string"],"description":"List of DNS names to use as subjects of the certificate","description_kind":"plain","optional":true},"id":{"type":"string","description_kind":"plain","optional":true,"computed":true},"ip_addresses":{"type":["list","string"],"description":"List of IP addresses to use as subjects of the certificate","description_kind":"plain","optional":true},"key_algorithm":{"type":"string","description":"Name of the algorithm to use to generate the certificate's private key","description_kind":"plain","required":true},"private_key_pem":{"type":"string","description":"PEM-encoded private key that the certificate will belong to","description_kind":"plain","required":true,"sensitive":true},"uris":{"type":["list","string"],"description":"List of URIs to use as subjects of the certificate","description_kind":"plain","optional":true}},"block_types":{"subject":{"nesting_mode":"list","block":{"attributes":{"common_name":{"type":"string","description_kind":"plain","optional":true},"country":{"type":"string","description_kind":"plain","optional":true},"locality":{"type":"string","description_kind":"plain","optional":true},"organization":{"type":"string","description_kind":"plain","optional":true},"organizational_unit":{"type":"string","description_kind":"plain","optional":true},"postal_code":{"type":"string","description_kind":"plain","optional":true},"province":{"type":"string","description_kind":"plain","optional":true},"serial_number":{"type":"string","description_kind":"plain","optional":true},"street_address":{"type":["list","string"],"description_kind":"plain","optional":true}},"description_kind":"plain"},"min_items":1}},"description_kind":"plain"}},"tls_locally_signed_cert":{"version":0,"block":{"attributes":{"allowed_uses":{"type":["list","string"],"description":"Uses that are allowed for the certificate","description_kind":"plain","required":true},"ca_cert_pem":{"type":"string","description":"PEM-encoded CA certificate","description_kind":"plain","required":true},"ca_key_algorithm":{"type":"string","description":"Name of the algorithm used to generate the certificate's private key","description_kind":"plain","required":true},"ca_private_key_pem":{"type":"string","description":"PEM-encoded CA private key used to sign the certificate","description_kind":"plain","required":true,"sensitive":true},"cert_pem":{"type":"string","description_kind":"plain","computed":true},"cert_request_pem":{"type":"string","description":"PEM-encoded certificate request","description_kind":"plain","required":true},"early_renewal_hours":{"type":"number","description":"Number of hours before the certificates expiry when a new certificate will be generated","description_kind":"plain","optional":true},"id":{"type":"string","description_kind":"plain","optional":true,"computed":true},"is_ca_certificate":{"type":"bool","description":"Whether the generated certificate will be usable as a CA certificate","description_kind":"plain","optional":true},"ready_for_renewal":{"type":"bool","description_kind":"plain","computed":true},"set_subject_key_id":{"type":"bool","description":"If true, the generated certificate will include a subject key identifier.","description_kind":"plain","optional":true},"validity_end_time":{"type":"string","description_kind":"plain","computed":true},"validity_period_hours":{"type":"number","description":"Number of hours that the certificate will remain valid for","description_kind":"plain","required":true},"validity_start_time":{"type":"string","description_kind":"plain","computed":true}},"description_kind":"plain"}},"tls_private_key":{"version":0,"block":{"attributes":{"algorithm":{"type":"string","description":"Name of the algorithm to use to generate the private key","description_kind":"plain","required":true},"ecdsa_curve":{"type":"string","description":"ECDSA curve to use when generating a key","description_kind":"plain","optional":true},"id":{"type":"string","description_kind":"plain","optional":true,"computed":true},"private_key_pem":{"type":"string","description_kind":"plain","computed":true,"sensitive":true},"public_key_fingerprint_md5":{"type":"string","description_kind":"plain","computed":true},"public_key_openssh":{"type":"string","description_kind":"plain","computed":true},"public_key_pem":{"type":"string","description_kind":"plain","computed":true},"rsa_bits":{"type":"number","description":"Number of bits to use when generating an RSA key","description_kind":"plain","optional":true}},"description_kind":"plain"}},"tls_self_signed_cert":{"version":0,"block":{"attributes":{"allowed_uses":{"type":["list","string"],"description":"Uses that are allowed for the certificate","description_kind":"plain","required":true},"cert_pem":{"type":"string","description_kind":"plain","computed":true},"dns_names":{"type":["list","string"],"description":"List of DNS names to use as subjects of the certificate","description_kind":"plain","optional":true},"early_renewal_hours":{"type":"number","description":"Number of hours before the certificates expiry when a new certificate will be generated","description_kind":"plain","optional":true},"id":{"type":"string","description_kind":"plain","optional":true,"computed":true},"ip_addresses":{"type":["list","string"],"description":"List of IP addresses to use as subjects of the certificate","description_kind":"plain","optional":true},"is_ca_certificate":{"type":"bool","description":"Whether the generated certificate will be usable as a CA certificate","description_kind":"plain","optional":true},"key_algorithm":{"type":"string","description":"Name of the algorithm to use to generate the certificate's private key","description_kind":"plain","required":true},"private_key_pem":{"type":"string","description":"PEM-encoded private key that the certificate will belong to","description_kind":"plain","required":true,"sensitive":true},"ready_for_renewal":{"type":"bool","description_kind":"plain","computed":true},"set_subject_key_id":{"type":"bool","description":"If true, the generated certificate will include a subject key identifier.","description_kind":"plain","optional":true},"uris":{"type":["list","string"],"description":"List of URIs to use as subjects of the certificate","description_kind":"plain","optional":true},"validity_end_time":{"type":"string","description_kind":"plain","computed":true},"validity_period_hours":{"type":"number","description":"Number of hours that the certificate will remain valid for","description_kind":"plain","required":true},"validity_start_time":{"type":"string","description_kind":"plain","computed":true}},"block_types":{"subject":{"nesting_mode":"list","block":{"attributes":{"common_name":{"type":"string","description_kind":"plain","optional":true},"country":{"type":"string","description_kind":"plain","optional":true},"locality":{"type":"string","description_kind":"plain","optional":true},"organization":{"type":"string","description_kind":"plain","optional":true},"organizational_unit":{"type":"string","description_kind":"plain","optional":true},"postal_code":{"type":"string","description_kind":"plain","optional":true},"province":{"type":"string","description_kind":"plain","optional":true},"serial_number":{"type":"string","description_kind":"plain","optional":true},"street_address":{"type":["list","string"],"description_kind":"plain","optional":true}},"description_kind":"plain"},"min_items":1}},"description_kind":"plain"}}},"data_source_schemas":{"tls_certificate":{"version":0,"block":{"attributes":{"certificates":{"type":["list",["object",{"is_ca":"bool","issuer":"string","not_after":"string","not_before":"string","public_key_algorithm":"string","serial_number":"string","sha1_fingerprint":"string","signature_algorithm":"string","subject":"string","version":"number"}]],"description_kind":"plain","computed":true},"id":{"type":"string","description_kind":"plain","optional":true,"computed":true},"url":{"type":"string","description_kind":"plain","required":true},"verify_chain":{"type":"bool","description_kind":"plain","optional":true}},"description_kind":"plain"}},"tls_public_key":{"version":0,"block":{"attributes":{"algorithm":{"type":"string","description":"Name of the algorithm to use to generate the private key","description_kind":"plain","computed":true},"id":{"type":"string","description_kind":"plain","optional":true,"computed":true},"private_key_pem":{"type":"string","description":"PEM formatted string to use as the private key","description_kind":"plain","required":true,"sensitive":true},"public_key_fingerprint_md5":{"type":"string","description_kind":"plain","computed":true},"public_key_openssh":{"type":"string","description_kind":"plain","computed":true},"public_key_pem":{"type":"string","description_kind":"plain","computed":true}},"description_kind":"plain"}}}}}}
