{"format_version":"0.2","provider_schemas":{"registry.terraform.io/hashicorp/archive":{"provider":{"version":0,"block":{"description_kind":"plain"}},"resource_schemas":{"archive_file":{"version":0,"block":{"attributes":{"excludes":{"type":["set","string"],"description_kind":"plain","optional":true},"id":{"type":"string","description_kind":"plain","optional":true,"computed":true},"output_base64sha256":{"type":"string","description":"Base64 Encoded SHA256 checksum of output file","description_kind":"plain","computed":true},"output_file_mode":{"type":"string","description_kind":"plain","optional":true},"output_md5":{"type":"string","description":"MD5 of output file","description_kind":"plain","computed":true},"output_path":{"type":"string","description_kind":"plain","required":true},"output_sha":{"type":"string","description":"SHA1 checksum of output file","description_kind":"plain","computed":true},"output_size":{"type":"number","description_kind":"plain","computed":true},"source_content":{"type":"string","description_kind":"plain","optional":true},"source_content_filename":{"type":"string","description_kind":"plain","optional":true},"source_dir":{"type":"string","description_kind":"plain","optional":true},"source_file":{"type":"string","description_kind":"plain","optional":true},"type":{"type":"string","description_kind":"plain","required":true}},"block_types":{"source":{"nesting_mode":"set","block":{"attributes":{"content":{"type":"string","description_kind":"plain","required":true},"filename":{"type":"string","description_kind":"plain","required":true}},"description_kind":"plain"}}},"description_kind":"plain","deprecated":true}}},"data_source_schemas":{"archive_file":{"version":0,"block":{"attributes":{"excludes":{"type":["set","string"],"description_kind":"plain","optional":true},"id":{"type":"string","description_kind":"plain","optional":true,"computed":true},"output_base64sha256":{"type":"string","description":"Base64 Encoded SHA256 checksum of output file","description_kind":"plain","computed":true},"output_file_mode":{"type":"string","description_kind":"plain","optional":true},"output_md5":{"type":"string","description":"MD5 of output file","description_kind":"plain","computed":true},"output_path":{"type":"string","description_kind":"plain","required":true},"output_sha":{"type":"string","description":"SHA1 checksum of output file","description_kind":"plain","computed":true},"output_size":{"type":"number","description_kind":"plain","computed":true},"source_content":{"type":"string","description_kind":"plain","optional":true},"source_content_filename":{"type":"string","description_kind":"plain","optional":true},"source_dir":{"type":"string","description_kind":"plain","optional":true},"source_file":{"type":"string","description_kind":"plain","optional":true},"type":{"type":"string","description_kind":"plain","required":true}},"block_types":{"source":{"nesting_mode":"set","block":{"attributes":{"content":{"type":"string","description_kind":"plain","required":true},"filename":{"type":"string","description_kind":"plain","required":true}},"description_kind":"plain"}}},"description_kind":"plain"}}}}}}
