{"format_version":"0.2","provider_schemas":{"registry.terraform.io/0x2b3bfa0/xpd":{"provider":{"version":0,"block":{"description_kind":"plain"}},"resource_schemas":{"xpd_task":{"version":0,"block":{"attributes":{"addresses":{"type":["list","string"],"description_kind":"plain","computed":true},"cloud":{"type":"string","description_kind":"plain","required":true},"directory":{"type":"string","description_kind":"plain","optional":true},"disk_size":{"type":"number","description_kind":"plain","optional":true},"environment":{"type":["map","string"],"description_kind":"plain","optional":true},"events":{"type":["list","string"],"description_kind":"plain","computed":true},"id":{"type":"string","description_kind":"plain","optional":true,"computed":true},"image":{"type":"string","description_kind":"plain","optional":true},"logs":{"type":["list","string"],"description_kind":"plain","computed":true},"machine":{"type":"string","description_kind":"plain","optional":true},"name":{"type":"string","description_kind":"plain","required":true},"parallelism":{"type":"number","description_kind":"plain","optional":true},"region":{"type":"string","description_kind":"plain","optional":true},"script":{"type":"string","description_kind":"plain","required":true},"spot":{"type":"number","description_kind":"plain","optional":true},"ssh_private_key":{"type":"string","description_kind":"plain","computed":true,"sensitive":true},"ssh_public_key":{"type":"string","description_kind":"plain","computed":true,"sensitive":true},"status":{"type":["map","number"],"description_kind":"plain","computed":true},"timeout":{"type":"number","description_kind":"plain","optional":true}},"block_types":{"timeouts":{"nesting_mode":"single","block":{"attributes":{"create":{"type":"string","description_kind":"plain","optional":true},"delete":{"type":"string","description_kind":"plain","optional":true},"read":{"type":"string","description_kind":"plain","optional":true},"update":{"type":"string","description_kind":"plain","optional":true}},"description_kind":"plain"}}},"description_kind":"plain"}}}}}}
