{"format_version":"0.2","provider_schemas":{"registry.terraform.io/3lvia/elvid":{"provider":{"version":0,"block":{"attributes":{"environment":{"type":"string","description_kind":"plain","required":true},"override_elvid_authority":{"type":"string","description":"elvid_authority is as default set based on environment ( var.environment == 'prod' ? 'https://elvid.elvia.io' : 'https://elvid.test-elvia.io'). Use this to override the default.","description_kind":"plain","optional":true},"run_hashed_secret_validation":{"type":"bool","description":"Only turn this off temperary to recreate a client secret if the hashed_secret_validation fails","description_kind":"plain","optional":true},"tenant_id":{"type":"string","description":"Azure tenant id","description_kind":"plain","required":true},"terraform_sp_client_id":{"type":"string","description":"The Client ID for terraform service principal","description_kind":"plain","required":true},"terraform_sp_client_secret":{"type":"string","description":"The Client Secret for terraform service principal","description_kind":"plain","required":true}},"description_kind":"plain"}},"resource_schemas":{"elvid_apiscope":{"version":0,"block":{"attributes":{"allow_machine_clients":{"type":"bool","description":"Whether the API scope is intended for machine clients (allow_machine_clients and allow_user_clients are mutually exclusive, and one of them has to be true)","description_kind":"plain","optional":true},"allow_user_clients":{"type":"bool","description":"Whether the API scope is intended for user clients (allow_machine_clients and allow_user_clients are mutually exclusive, and one of them has to be true)","description_kind":"plain","optional":true},"description":{"type":"string","description":"A description of what this API scope is used for. Please include information about what it gives access to, and in what way it differs from similar API scopes, if any.","description_kind":"plain","optional":true},"id":{"type":"string","description_kind":"plain","optional":true,"computed":true},"name":{"type":"string","description":"The name of the API scope","description_kind":"plain","required":true},"resource_taint_version":{"type":"string","description":"A change in value for this field will force recreating the resource","description_kind":"plain","optional":true},"user_claims":{"type":["set","string"],"description":"User claims that are included in the token when logging in with a machine/user client that has this API scope. (The token will include the superset of claims from all granted scopes).","description_kind":"plain","optional":true}},"description_kind":"plain"}},"elvid_clientsecret":{"version":0,"block":{"attributes":{"client_id":{"type":"string","description":"The (entity) id of the client. Note that this should be set to client.id and not client.client_id","description_kind":"plain","required":true},"hashed_value_starts_with":{"type":"string","description_kind":"plain","computed":true},"id":{"type":"string","description_kind":"plain","optional":true,"computed":true},"resource_taint_version":{"type":"string","description":"A change in value for this field will force recreating the resource","description_kind":"plain","optional":true},"secret_value":{"type":"string","description_kind":"plain","computed":true}},"description_kind":"plain"}},"elvid_machineclient":{"version":0,"block":{"attributes":{"access_token_life_time":{"type":"number","description":"Number of seconds before an access token expires. Default and maximum is 3600 seconds (1 hour) for regular machine clients.","description_kind":"plain","optional":true},"client_id":{"type":"string","description":"The cliend_id of the client, used during client_credentials auth. Note this is different from the (entity) id of the client","description_kind":"plain","computed":true},"id":{"type":"string","description_kind":"plain","optional":true,"computed":true},"is_delegation_client":{"type":"bool","description":"When this is enabled the client can only use the delegation grant type. This is used when a already logged inn user will create a long-lived delegation access_token","description_kind":"plain","optional":true},"name":{"type":"string","description":"The name of the client","description_kind":"plain","required":true},"resource_taint_version":{"type":"string","description":"A change in value for this field will force recreating the resource","description_kind":"plain","optional":true},"scopes":{"type":["set","string"],"description":"The scopes the client can request, note that scopes are auto approved in test and must be approved by an admin in production.","description_kind":"plain","required":true},"test_user_login_enabled":{"type":"bool","description":"When this is enabled it's possible to mechanically login with a test user to this client. This is done by using grant-type password for the token endpoint. See ElvID space on confluence for details","description_kind":"plain","optional":true},"token_endpoint":{"type":"string","description_kind":"plain","computed":true}},"description_kind":"plain"}},"elvid_userclient":{"version":0,"block":{"attributes":{"access_token_life_time":{"type":"number","description":"Number of seconds before an access token expires. Default and max is 3600 seconds (1 hour)","description_kind":"plain","optional":true},"allow_use_of_refresh_tokens":{"type":"bool","description":"This will enable the use of refreshtokens, and the scope offline_access. Talk with GlueTeam before using this.","description_kind":"plain","optional":true},"always_include_user_claims_in_id_token":{"type":"bool","description":"When requesting both an id token and access token, should the user claims always be added to the id token instead of requiring the client to use the userinfo endpoint?","description_kind":"plain","optional":true},"bankid_login_enabled":{"type":"bool","description":"Enable to allow user to log in with BankID.","description_kind":"plain","optional":true},"client_id":{"type":"string","description":"The cliend_id of the client, used during client_credentials auth. Note this is different from the (entity) id of the client","description_kind":"plain","computed":true},"client_name":{"type":"string","description":"The full name of the client. Note that ClientNameLanguageKey can be used to get a seperate language dependent name.","description_kind":"plain","required":true},"client_name_language_key":{"type":"string","description":"Use this to get a language dependent seperate name for the client. That name could be used instead of the client name in places like the BackToClient-button that is showed for an signed in user in elvid. Note that a corresponding key/value for 'ClientName{client_name_language_key}' must also exist in elvid's language files. Eg language.nb.json --\u003e key: 'ClientNameMinSide', value: 'MinSide'","description_kind":"plain","optional":true},"domains":{"type":["set","string"],"description":"The domains the client is found in. Used for Cors AllowedCorsOrigins, RedirectUris and PostLogoutRedirectUris.","description_kind":"plain","required":true},"elvia_ad_login_enabled":{"type":"bool","description":"Enable to allow user to log in with Elvia AD.","description_kind":"plain","optional":true},"id":{"type":"string","description_kind":"plain","optional":true,"computed":true},"local_login_enabled":{"type":"bool","description":"Enable to allow user to log in with local account e.g. email and password. Note this is not for the work-related ad-email.","description_kind":"plain","optional":true},"one_time_usage_for_refresh_tokens":{"type":"bool","description":"This have no use if allow_use_of_refresh_tokens = false. When using a OneTime RefreshToken the token endpoint response includes a new RefreshToken that should be used for the next token request. Set this to false to get a reusable RefreshToken. OneTime RefreshTokens are safer as an attacker cannot replay a request to the token endoint with the used RefreshToken or othervise use an already used RefreshToken. For the field RefreshTokenUsage in the elvid DB 0 means ReUse and 1 means SingleUse.","description_kind":"plain","optional":true},"post_logout_redirect_uri_paths":{"type":["set","string"],"description":"The path part of a PostLogoutRedirectUri, each of these will be combined with each of the domains. After logout ElvID is only allowed to send the user back to the client with one of these uris.","description_kind":"plain","required":true},"redirect_uri_paths":{"type":["set","string"],"description":"The path part of a RedirectUri, each of these will be combined with each of the domains. ElvID is only allowed to send the user back to the client with one of these uris.","description_kind":"plain","required":true},"refresh_token_life_time":{"type":"number","description":"This have no use if allow_use_of_refresh_tokens = false. Absolute number of seconds before a refresh token expires. Note that a refresh token can also be revoked. Default is 2592000 seconds (30 days), max is 31556926 seconds (1 year).","description_kind":"plain","optional":true},"require_client_secret":{"type":"bool","description":"ClientSecret are typically not required in userclients, as most of them run on the users hardware and cannot keep a secret. A ClientSecret can be used safely from the backend of a dynamic webpage like ASP.NET Core MVC.","description_kind":"plain","optional":true},"resource_taint_version":{"type":"string","description":"A change in value for this field will force recreating the resource","description_kind":"plain","optional":true},"scopes":{"type":["set","string"],"description":"The scopes the client can request, note that scopes are auto approved in test and must be approved by an admin in production.","description_kind":"plain","required":true},"test_user_login_enabled":{"type":"bool","description":"When this is enabled it's possible to login with a test user to this client, by using local login when authenticating the user in the gui. See ElvID space on confluence for details.","description_kind":"plain","optional":true}},"description_kind":"plain"}}}}}}
