{"format_version":"0.2","provider_schemas":{"registry.terraform.io/aaronstillwell/dokku":{"provider":{"version":0,"block":{"attributes":{"fail_on_untested_version":{"type":"bool","description_kind":"plain","optional":true},"ssh_cert":{"type":"string","description_kind":"plain","required":true},"ssh_host":{"type":"string","description_kind":"plain","required":true},"ssh_port":{"type":"number","description_kind":"plain","optional":true},"ssh_user":{"type":"string","description_kind":"plain","optional":true}},"description_kind":"plain"}},"resource_schemas":{"dokku_app":{"version":0,"block":{"attributes":{"buildpacks":{"type":["list","string"],"description_kind":"plain","optional":true},"config_vars":{"type":["map","string"],"description_kind":"plain","optional":true,"sensitive":true},"domains":{"type":["set","string"],"description_kind":"plain","optional":true},"id":{"type":"string","description_kind":"plain","optional":true,"computed":true},"locked":{"type":"bool","description_kind":"plain","optional":true},"name":{"type":"string","description_kind":"plain","required":true},"ports":{"type":["set","string"],"description_kind":"plain","optional":true}},"description_kind":"plain"}},"dokku_postgres_service":{"version":0,"block":{"attributes":{"id":{"type":"string","description_kind":"plain","optional":true,"computed":true},"image":{"type":"string","description_kind":"plain","optional":true,"computed":true},"image_version":{"type":"string","description_kind":"plain","optional":true,"computed":true},"name":{"type":"string","description_kind":"plain","required":true},"stopped":{"type":"bool","description_kind":"plain","optional":true,"computed":true}},"description_kind":"plain"}},"dokku_postgres_service_link":{"version":0,"block":{"attributes":{"alias":{"type":"string","description_kind":"plain","optional":true},"app":{"type":"string","description_kind":"plain","required":true},"id":{"type":"string","description_kind":"plain","optional":true,"computed":true},"query_string":{"type":"string","description_kind":"plain","optional":true},"service":{"type":"string","description_kind":"plain","required":true}},"description_kind":"plain"}},"dokku_redis_service":{"version":0,"block":{"attributes":{"id":{"type":"string","description_kind":"plain","optional":true,"computed":true},"image":{"type":"string","description_kind":"plain","optional":true,"computed":true},"image_version":{"type":"string","description_kind":"plain","optional":true,"computed":true},"name":{"type":"string","description_kind":"plain","required":true},"stopped":{"type":"bool","description_kind":"plain","optional":true,"computed":true}},"description_kind":"plain"}},"dokku_redis_service_link":{"version":0,"block":{"attributes":{"alias":{"type":"string","description_kind":"plain","optional":true},"app":{"type":"string","description_kind":"plain","required":true},"id":{"type":"string","description_kind":"plain","optional":true,"computed":true},"query_string":{"type":"string","description_kind":"plain","optional":true},"service":{"type":"string","description_kind":"plain","required":true}},"description_kind":"plain"}}},"data_source_schemas":{"dokku_apps":{"version":0,"block":{"attributes":{"apps":{"type":["list",["object",{"name":"string"}]],"description_kind":"plain","computed":true},"id":{"type":"string","description_kind":"plain","optional":true,"computed":true}},"description_kind":"plain"}}}}}}
