{"format_version":"0.2","provider_schemas":{"registry.terraform.io/abhisheksingh3897/wrike":{"provider":{"version":0,"block":{"attributes":{"token":{"type":"string","description_kind":"plain","optional":true}},"description_kind":"plain"}},"resource_schemas":{"wrike_user":{"version":0,"block":{"attributes":{"accountid":{"type":"string","description_kind":"plain","computed":true},"email":{"type":"string","description_kind":"plain","required":true},"external":{"type":"bool","description_kind":"plain","optional":true,"computed":true},"firstname":{"type":"string","description_kind":"plain","computed":true},"id":{"type":"string","description_kind":"plain","optional":true,"computed":true},"lastname":{"type":"string","description_kind":"plain","computed":true},"role":{"type":"string","description_kind":"plain","optional":true,"computed":true},"userid":{"type":"string","description_kind":"plain","computed":true}},"description_kind":"plain"}}},"data_source_schemas":{"wrike_user":{"version":0,"block":{"attributes":{"accountid":{"type":"string","description_kind":"plain","computed":true},"email":{"type":"string","description_kind":"plain","required":true},"external":{"type":"bool","description_kind":"plain","computed":true},"firstname":{"type":"string","description_kind":"plain","computed":true},"id":{"type":"string","description_kind":"plain","optional":true,"computed":true},"lastname":{"type":"string","description_kind":"plain","computed":true},"role":{"type":"string","description_kind":"plain","computed":true},"userid":{"type":"string","description_kind":"plain","computed":true}},"description_kind":"plain"}}}}}}
