{"format_version":"0.2","provider_schemas":{"registry.terraform.io/adaptavist/bpr":{"provider":{"version":0,"block":{"attributes":{"base_url":{"type":"string","description":"Bitbucket pipelines app password","description_kind":"markdown","optional":true},"password":{"type":"string","description":"Bitbucket pipelines app password","description_kind":"markdown","optional":true},"repository":{"type":"string","description":"Bitbucket repository slug","description_kind":"markdown","optional":true},"username":{"type":"string","description":"Bitbucket pipelines username","description_kind":"markdown","optional":true},"workspace":{"type":"string","description":"Bitbucket workspace slug","description_kind":"markdown","optional":true}},"description_kind":"plain"}},"resource_schemas":{"bpr_run":{"version":0,"block":{"attributes":{"branch":{"type":"string","description":"The branch containing the target pipeline","description_kind":"markdown","optional":true},"id":{"type":"string","description":"The UUID of the pipeline, use for looking up its status","description_kind":"markdown","computed":true},"output":{"type":"string","description":"The full pipeline output","description_kind":"markdown","computed":true},"outputs":{"type":["map","string"],"description":"Map of outputs, if we can grab them from the pipeline text output","description_kind":"markdown","computed":true},"pipeline":{"type":"string","description":"Name of custom pipeline to run","description_kind":"markdown","optional":true},"repository":{"type":"string","description":"The repository containing the target pipeline","description_kind":"markdown","optional":true},"tag":{"type":"string","description":"The tag containing the target pipeline","description_kind":"markdown","optional":true},"variables":{"type":["map","string"],"description":"Map of variables for the pipeline","description_kind":"markdown","optional":true},"workspace":{"type":"string","description":"The owner of the target pipelines repository","description_kind":"markdown","optional":true}},"description":"A Bitbucket pipeline to be invoked","description_kind":"markdown"}}}}}}
