{"format_version":"0.2","provider_schemas":{"registry.terraform.io/adeleporte/velocloud":{"provider":{"version":0,"block":{"attributes":{"operator":{"type":"bool","description_kind":"plain","optional":true},"password":{"type":"string","description_kind":"plain","optional":true},"skip_ssl_verification":{"type":"bool","description_kind":"plain","optional":true},"token":{"type":"string","description_kind":"plain","optional":true,"sensitive":true},"username":{"type":"string","description_kind":"plain","optional":true},"vco":{"type":"string","description_kind":"plain","required":true}},"description_kind":"plain"}},"resource_schemas":{"velocloud_address_group":{"version":0,"block":{"attributes":{"description":{"type":"string","description_kind":"plain","optional":true},"enterpriseid":{"type":"number","description_kind":"plain","optional":true},"id":{"type":"string","description_kind":"plain","optional":true,"computed":true},"logicalid":{"type":"string","description_kind":"plain","computed":true},"name":{"type":"string","description_kind":"plain","required":true}},"block_types":{"range":{"nesting_mode":"list","block":{"attributes":{"ip":{"type":"string","description_kind":"plain","required":true},"mask":{"type":"string","description_kind":"plain","optional":true},"rule_type":{"type":"string","description_kind":"plain","optional":true}},"description":"List of IP ranges","description_kind":"plain"}}},"description_kind":"plain"}},"velocloud_business_policies":{"version":0,"block":{"attributes":{"enterpriseid":{"type":"number","description_kind":"plain","optional":true},"id":{"type":"string","description_kind":"plain","optional":true,"computed":true},"profile":{"type":"number","description_kind":"plain","required":true},"segment":{"type":"number","description_kind":"plain","optional":true}},"block_types":{"rule":{"nesting_mode":"list","block":{"attributes":{"appid":{"type":"number","description_kind":"plain","optional":true},"daddressgroup":{"type":"string","description_kind":"plain","optional":true},"dip":{"type":"string","description_kind":"plain","optional":true},"dport_high":{"type":"number","description_kind":"plain","optional":true},"dport_low":{"type":"number","description_kind":"plain","optional":true},"dportgroup":{"type":"string","description_kind":"plain","optional":true},"dsm":{"type":"string","description_kind":"plain","optional":true},"hostname":{"type":"string","description_kind":"plain","optional":true},"linksteering":{"type":"string","description_kind":"plain","optional":true},"name":{"type":"string","description_kind":"plain","required":true},"networkservice":{"type":"string","description_kind":"plain","optional":true},"priority":{"type":"string","description_kind":"plain","optional":true},"proto":{"type":"number","description_kind":"plain","optional":true},"rxbandwidthpct":{"type":"number","description_kind":"plain","optional":true},"saddressgroup":{"type":"string","description_kind":"plain","optional":true},"serviceclass":{"type":"string","description_kind":"plain","optional":true},"sportgroup":{"type":"string","description_kind":"plain","optional":true},"txbandwidthpct":{"type":"number","description_kind":"plain","optional":true}},"description":"List of QoS rules","description_kind":"plain"}}},"description_kind":"plain"}},"velocloud_device_settings":{"version":0,"block":{"attributes":{"enterpriseid":{"type":"number","description_kind":"plain","optional":true},"id":{"type":"string","description_kind":"plain","optional":true,"computed":true},"profile":{"type":"number","description_kind":"plain","required":true},"segment":{"type":"number","description_kind":"plain","optional":true}},"block_types":{"routed_interface":{"nesting_mode":"list","block":{"attributes":{"cidr_ip":{"type":"string","description_kind":"plain","required":true},"cidr_prefix":{"type":"number","description_kind":"plain","optional":true},"gateway":{"type":"string","description_kind":"plain","optional":true},"name":{"type":"string","description_kind":"plain","required":true},"nat_direct":{"type":"bool","description_kind":"plain","optional":true},"netmask":{"type":"string","description_kind":"plain","required":true},"override":{"type":"bool","description_kind":"plain","optional":true},"type":{"type":"string","description_kind":"plain","optional":true},"wan_overlay":{"type":"bool","description_kind":"plain","optional":true}},"description":"Interface description","description_kind":"plain"}},"static_route":{"nesting_mode":"list","block":{"attributes":{"advertise":{"type":"bool","description_kind":"plain","optional":true},"cost":{"type":"number","description_kind":"plain","optional":true},"interface":{"type":"string","description_kind":"plain","required":true},"next_hop":{"type":"string","description_kind":"plain","required":true},"preferred":{"type":"bool","description_kind":"plain","optional":true},"subnet_cidr_ip":{"type":"string","description_kind":"plain","required":true},"subnet_cidr_prefix":{"type":"string","description_kind":"plain","required":true}},"description":"Static route description","description_kind":"plain"}},"vlan":{"nesting_mode":"list","block":{"attributes":{"advertise":{"type":"bool","description_kind":"plain","optional":true},"cidr_ip":{"type":"string","description_kind":"plain","required":true},"cidr_prefix":{"type":"number","description_kind":"plain","optional":true},"dhcp_enabled":{"type":"bool","description_kind":"plain","optional":true},"override":{"type":"bool","description_kind":"plain","optional":true}},"description":"Vlan description","description_kind":"plain"},"max_items":1}},"description_kind":"plain"}},"velocloud_edge":{"version":0,"block":{"attributes":{"activationkey":{"type":"string","description_kind":"plain","computed":true},"activationstate":{"type":"string","description_kind":"plain","computed":true},"challengepassword":{"type":"string","description_kind":"plain","optional":true},"configurationid":{"type":"number","description_kind":"plain","required":true},"custominfo":{"type":"string","description_kind":"plain","optional":true},"description":{"type":"string","description_kind":"plain","optional":true},"edgeprofileid":{"type":"number","description_kind":"plain","computed":true},"edgestate":{"type":"string","description_kind":"plain","computed":true},"enterpriseid":{"type":"number","description_kind":"plain","optional":true},"generatecertificate":{"type":"bool","description_kind":"plain","optional":true},"haenabled":{"type":"bool","description_kind":"plain","optional":true},"hastate":{"type":"string","description_kind":"plain","computed":true},"id":{"type":"string","description_kind":"plain","optional":true,"computed":true},"islive":{"type":"number","description_kind":"plain","computed":true},"modelnumber":{"type":"string","description_kind":"plain","required":true},"name":{"type":"string","description_kind":"plain","required":true},"privatekeypassword":{"type":"string","description_kind":"plain","optional":true},"serialnumber":{"type":"string","description_kind":"plain","optional":true},"servicestate":{"type":"string","description_kind":"plain","computed":true},"subjectcn":{"type":"string","description_kind":"plain","optional":true},"subjecto":{"type":"string","description_kind":"plain","optional":true},"subjectou":{"type":"string","description_kind":"plain","optional":true}},"block_types":{"site":{"nesting_mode":"list","block":{"attributes":{"city":{"type":"string","description_kind":"plain","optional":true},"contactemail":{"type":"string","description_kind":"plain","optional":true},"contactmobile":{"type":"string","description_kind":"plain","optional":true},"contactname":{"type":"string","description_kind":"plain","optional":true},"contactphone":{"type":"string","description_kind":"plain","optional":true},"country":{"type":"string","description_kind":"plain","optional":true},"lat":{"type":"number","description_kind":"plain","optional":true},"locale":{"type":"string","description_kind":"plain","optional":true},"lon":{"type":"number","description_kind":"plain","optional":true},"name":{"type":"string","description_kind":"plain","required":true},"postalcode":{"type":"string","description_kind":"plain","optional":true},"shippingcity":{"type":"string","description_kind":"plain","optional":true},"shippingcontactname":{"type":"string","description_kind":"plain","optional":true},"shippingcountry":{"type":"string","description_kind":"plain","optional":true},"shippingpostalcode":{"type":"string","description_kind":"plain","optional":true},"shippingsameaslocation":{"type":"bool","description_kind":"plain","optional":true},"shippingstreetaddress":{"type":"string","description_kind":"plain","optional":true},"shippingstreetaddress2":{"type":"string","description_kind":"plain","optional":true},"state":{"type":"string","description_kind":"plain","optional":true},"streetaddress":{"type":"string","description_kind":"plain","optional":true},"streetaddress2":{"type":"string","description_kind":"plain","optional":true},"timezone":{"type":"string","description_kind":"plain","optional":true}},"description":"Site description","description_kind":"plain"},"min_items":1,"max_items":1}},"description_kind":"plain"}},"velocloud_enterprise":{"version":0,"block":{"attributes":{"configurationid":{"type":"number","description_kind":"plain","optional":true},"enableenterprisedelegationtooperator":{"type":"bool","description_kind":"plain","optional":true},"enableenterpriseusermanagementdelegationtooperator":{"type":"bool","description_kind":"plain","optional":true},"gatewaypoolid":{"type":"number","description_kind":"plain","optional":true},"id":{"type":"string","description_kind":"plain","optional":true,"computed":true},"name":{"type":"string","description_kind":"plain","required":true},"networkid":{"type":"number","description_kind":"plain","optional":true}},"block_types":{"user":{"nesting_mode":"list","block":{"attributes":{"email":{"type":"string","description_kind":"plain","required":true},"password":{"type":"string","description_kind":"plain","required":true},"password2":{"type":"string","description_kind":"plain","required":true},"username":{"type":"string","description_kind":"plain","required":true}},"description":"User description","description_kind":"plain"},"min_items":1,"max_items":1}},"description_kind":"plain"}},"velocloud_firewall_rules":{"version":0,"block":{"attributes":{"enterpriseid":{"type":"number","description_kind":"plain","optional":true},"firewall_logging":{"type":"bool","description_kind":"plain","optional":true},"firewall_stateful":{"type":"bool","description_kind":"plain","optional":true},"firewall_status":{"type":"bool","description_kind":"plain","optional":true},"firewall_syslog":{"type":"bool","description_kind":"plain","optional":true},"id":{"type":"string","description_kind":"plain","optional":true,"computed":true},"profile":{"type":"number","description_kind":"plain","required":true},"segment":{"type":"number","description_kind":"plain","optional":true}},"block_types":{"rule":{"nesting_mode":"list","block":{"attributes":{"action":{"type":"string","description_kind":"plain","optional":true},"appid":{"type":"number","description_kind":"plain","optional":true},"classid":{"type":"number","description_kind":"plain","optional":true},"d_address_group":{"type":"string","description_kind":"plain","optional":true},"d_port_group":{"type":"string","description_kind":"plain","optional":true},"d_port_high":{"type":"number","description_kind":"plain","optional":true},"d_port_low":{"type":"number","description_kind":"plain","optional":true},"d_rule_type":{"type":"string","description_kind":"plain","optional":true},"dip":{"type":"string","description_kind":"plain","optional":true},"dscp":{"type":"number","description_kind":"plain","optional":true},"dsm":{"type":"string","description_kind":"plain","optional":true},"dvlan":{"type":"number","description_kind":"plain","optional":true},"hostname":{"type":"string","description_kind":"plain","optional":true},"name":{"type":"string","description_kind":"plain","required":true},"os_version":{"type":"number","description_kind":"plain","optional":true},"proto":{"type":"number","description_kind":"plain","optional":true},"s_address_group":{"type":"string","description_kind":"plain","optional":true},"s_port_group":{"type":"string","description_kind":"plain","optional":true},"s_port_high":{"type":"number","description_kind":"plain","optional":true},"s_port_low":{"type":"number","description_kind":"plain","optional":true},"s_rule_type":{"type":"string","description_kind":"plain","optional":true},"sip":{"type":"string","description_kind":"plain","optional":true},"smac":{"type":"string","description_kind":"plain","optional":true},"ssm":{"type":"string","description_kind":"plain","optional":true},"svlan":{"type":"number","description_kind":"plain","optional":true}},"description":"Rules description","description_kind":"plain"},"min_items":1}},"description_kind":"plain"}},"velocloud_port_group":{"version":0,"block":{"attributes":{"description":{"type":"string","description_kind":"plain","optional":true},"enterpriseid":{"type":"number","description_kind":"plain","optional":true},"id":{"type":"string","description_kind":"plain","optional":true,"computed":true},"logicalid":{"type":"string","description_kind":"plain","computed":true},"name":{"type":"string","description_kind":"plain","required":true}},"block_types":{"range":{"nesting_mode":"list","block":{"attributes":{"port_high":{"type":"number","description_kind":"plain","required":true},"port_low":{"type":"number","description_kind":"plain","required":true},"proto":{"type":"number","description_kind":"plain","required":true}},"description":"List of Port ranges","description_kind":"plain"}}},"description_kind":"plain"}}},"data_source_schemas":{"velocloud_address_group":{"version":0,"block":{"attributes":{"enterpriseid":{"type":"number","description_kind":"plain","optional":true},"id":{"type":"string","description_kind":"plain","optional":true,"computed":true},"logicalid":{"type":"string","description_kind":"plain","computed":true},"name":{"type":"string","description_kind":"plain","required":true}},"description_kind":"plain"}},"velocloud_application":{"version":0,"block":{"attributes":{"id":{"type":"string","description_kind":"plain","optional":true,"computed":true},"name":{"type":"string","description_kind":"plain","required":true}},"description_kind":"plain"}},"velocloud_edge":{"version":0,"block":{"attributes":{"activationkey":{"type":"string","description_kind":"plain","computed":true},"activationstate":{"type":"string","description_kind":"plain","computed":true},"edgestate":{"type":"string","description_kind":"plain","computed":true},"enterpriseid":{"type":"number","description_kind":"plain","optional":true},"hastate":{"type":"string","description_kind":"plain","computed":true},"id":{"type":"string","description_kind":"plain","optional":true,"computed":true},"islive":{"type":"number","description_kind":"plain","computed":true},"name":{"type":"string","description_kind":"plain","required":true},"servicestate":{"type":"string","description_kind":"plain","computed":true}},"description_kind":"plain"}},"velocloud_enterprise":{"version":0,"block":{"attributes":{"enterpriseid":{"type":"number","description_kind":"plain","computed":true},"id":{"type":"string","description_kind":"plain","optional":true,"computed":true},"name":{"type":"string","description_kind":"plain","required":true}},"description_kind":"plain"}},"velocloud_port_group":{"version":0,"block":{"attributes":{"enterpriseid":{"type":"number","description_kind":"plain","optional":true},"id":{"type":"string","description_kind":"plain","optional":true,"computed":true},"name":{"type":"string","description_kind":"plain","required":true}},"description_kind":"plain"}},"velocloud_profile":{"version":0,"block":{"attributes":{"enterpriseid":{"type":"number","description_kind":"plain","optional":true},"id":{"type":"string","description_kind":"plain","optional":true,"computed":true},"name":{"type":"string","description_kind":"plain","required":true}},"description_kind":"plain"}}}}}}
