{"format_version":"0.2","provider_schemas":{"registry.terraform.io/adeleporte/hcx":{"provider":{"version":0,"block":{"attributes":{"admin_password":{"type":"string","description_kind":"plain","optional":true,"sensitive":true},"admin_username":{"type":"string","description_kind":"plain","optional":true},"hcx":{"type":"string","description_kind":"plain","optional":true},"password":{"type":"string","description_kind":"plain","optional":true,"sensitive":true},"username":{"type":"string","description_kind":"plain","optional":true},"vmc_token":{"type":"string","description_kind":"plain","optional":true,"sensitive":true}},"description_kind":"plain"}},"resource_schemas":{"hcx_activation":{"version":0,"block":{"attributes":{"activationkey":{"type":"string","description_kind":"plain","required":true},"id":{"type":"string","description_kind":"plain","optional":true,"computed":true},"url":{"type":"string","description_kind":"plain","optional":true}},"description_kind":"plain"}},"hcx_compute_profile":{"version":0,"block":{"attributes":{"cluster":{"type":"string","description_kind":"plain","required":true},"datacenter":{"type":"string","description_kind":"plain","required":true},"datastore":{"type":"string","description_kind":"plain","optional":true},"dvs":{"type":"string","description_kind":"plain","required":true},"id":{"type":"string","description_kind":"plain","optional":true,"computed":true},"management_network":{"type":"string","description_kind":"plain","required":true},"name":{"type":"string","description_kind":"plain","required":true},"replication_network":{"type":"string","description_kind":"plain","optional":true},"uplink_network":{"type":"string","description_kind":"plain","optional":true},"vmotion_network":{"type":"string","description_kind":"plain","optional":true}},"block_types":{"service":{"nesting_mode":"list","block":{"attributes":{"name":{"type":"string","description_kind":"plain","required":true}},"description":"Rules description","description_kind":"plain"},"min_items":1}},"description_kind":"plain"}},"hcx_l2_extension":{"version":0,"block":{"attributes":{"appliance_id":{"type":"string","description_kind":"plain","optional":true},"destination_t1":{"type":"string","description_kind":"plain","required":true},"egress_optimization":{"type":"bool","description_kind":"plain","optional":true},"gateway":{"type":"string","description_kind":"plain","optional":true},"id":{"type":"string","description_kind":"plain","optional":true,"computed":true},"mon":{"type":"bool","description_kind":"plain","optional":true},"netmask":{"type":"string","description_kind":"plain","optional":true},"network_type":{"type":"string","description_kind":"plain","optional":true},"service_mesh_id":{"type":"string","description_kind":"plain","required":true},"site_pairing":{"type":["map","string"],"description_kind":"plain","required":true},"source_network":{"type":"string","description_kind":"plain","required":true}},"description_kind":"plain"}},"hcx_location":{"version":0,"block":{"attributes":{"city":{"type":"string","description_kind":"plain","optional":true},"cityascii":{"type":"string","description_kind":"plain","computed":true},"country":{"type":"string","description_kind":"plain","optional":true},"id":{"type":"string","description_kind":"plain","optional":true,"computed":true},"latitude":{"type":"number","description_kind":"plain","optional":true},"longitude":{"type":"number","description_kind":"plain","optional":true},"province":{"type":"string","description_kind":"plain","optional":true}},"description_kind":"plain"}},"hcx_network_profile":{"version":0,"block":{"attributes":{"dns_suffix":{"type":"string","description_kind":"plain","optional":true},"gateway":{"type":"string","description_kind":"plain","optional":true},"id":{"type":"string","description_kind":"plain","optional":true,"computed":true},"mtu":{"type":"number","description_kind":"plain","required":true},"name":{"type":"string","description_kind":"plain","required":true},"network_name":{"type":"string","description_kind":"plain","optional":true},"network_type":{"type":"string","description_kind":"plain","optional":true},"prefix_length":{"type":"number","description_kind":"plain","required":true},"primary_dns":{"type":"string","description_kind":"plain","optional":true},"secondary_dns":{"type":"string","description_kind":"plain","optional":true},"site_pairing":{"type":["map","string"],"description_kind":"plain","required":true},"vmc":{"type":"bool","description_kind":"plain","optional":true}},"block_types":{"ip_range":{"nesting_mode":"list","block":{"attributes":{"end_address":{"type":"string","description_kind":"plain","required":true},"start_address":{"type":"string","description_kind":"plain","required":true}},"description_kind":"plain"},"min_items":1}},"description_kind":"plain"}},"hcx_rolemapping":{"version":0,"block":{"attributes":{"id":{"type":"string","description_kind":"plain","optional":true,"computed":true},"sso":{"type":"string","description_kind":"plain","required":true}},"block_types":{"admin":{"nesting_mode":"list","block":{"attributes":{"user_group":{"type":"string","description_kind":"plain","optional":true}},"description_kind":"plain"},"min_items":1},"enterprise":{"nesting_mode":"list","block":{"attributes":{"user_group":{"type":"string","description_kind":"plain","optional":true}},"description_kind":"plain"}}},"description_kind":"plain"}},"hcx_service_mesh":{"version":0,"block":{"attributes":{"app_path_resiliency_enabled":{"type":"bool","description_kind":"plain","optional":true},"appliances_id":{"type":["list",["object",{"id":"string"}]],"description_kind":"plain","computed":true},"force_delete":{"type":"bool","description_kind":"plain","optional":true},"id":{"type":"string","description_kind":"plain","optional":true,"computed":true},"local_compute_profile":{"type":"string","description_kind":"plain","required":true},"name":{"type":"string","description_kind":"plain","required":true},"nb_appliances":{"type":"number","description_kind":"plain","optional":true},"remote_compute_profile":{"type":"string","description_kind":"plain","required":true},"site_pairing":{"type":["map","string"],"description_kind":"plain","required":true},"tcp_flow_conditioning_enabled":{"type":"bool","description_kind":"plain","optional":true},"uplink_max_bandwidth":{"type":"number","description_kind":"plain","optional":true}},"block_types":{"service":{"nesting_mode":"list","block":{"attributes":{"name":{"type":"string","description_kind":"plain","required":true}},"description":"Rules description","description_kind":"plain"},"min_items":1}},"description_kind":"plain"}},"hcx_site_pairing":{"version":0,"block":{"attributes":{"id":{"type":"string","description_kind":"plain","optional":true,"computed":true},"local_endpoint_id":{"type":"string","description_kind":"plain","computed":true},"local_name":{"type":"string","description_kind":"plain","computed":true},"local_vc":{"type":"string","description_kind":"plain","computed":true},"password":{"type":"string","description_kind":"plain","required":true,"sensitive":true},"remote_endpoint_type":{"type":"string","description_kind":"plain","computed":true},"remote_name":{"type":"string","description_kind":"plain","computed":true},"remote_resource_id":{"type":"string","description_kind":"plain","computed":true},"remote_resource_name":{"type":"string","description_kind":"plain","computed":true},"remote_resource_type":{"type":"string","description_kind":"plain","computed":true},"url":{"type":"string","description_kind":"plain","required":true},"username":{"type":"string","description_kind":"plain","required":true}},"description_kind":"plain"}},"hcx_sso":{"version":0,"block":{"attributes":{"id":{"type":"string","description_kind":"plain","optional":true,"computed":true},"url":{"type":"string","description_kind":"plain","required":true},"vcenter":{"type":"string","description_kind":"plain","required":true}},"description_kind":"plain"}},"hcx_vcenter":{"version":0,"block":{"attributes":{"id":{"type":"string","description_kind":"plain","optional":true,"computed":true},"password":{"type":"string","description_kind":"plain","required":true},"url":{"type":"string","description_kind":"plain","required":true},"username":{"type":"string","description_kind":"plain","required":true}},"description_kind":"plain"}},"hcx_vmc":{"version":0,"block":{"attributes":{"cloud_name":{"type":"string","description_kind":"plain","computed":true},"cloud_type":{"type":"string","description_kind":"plain","computed":true},"cloud_url":{"type":"string","description_kind":"plain","computed":true},"id":{"type":"string","description_kind":"plain","optional":true,"computed":true},"sddc_id":{"type":"string","description_kind":"plain","optional":true},"sddc_name":{"type":"string","description_kind":"plain","optional":true}},"description_kind":"plain"}}},"data_source_schemas":{"hcx_compute_profile":{"version":0,"block":{"attributes":{"id":{"type":"string","description_kind":"plain","optional":true,"computed":true},"name":{"type":"string","description_kind":"plain","required":true},"vcenter":{"type":"string","description_kind":"plain","required":true}},"description_kind":"plain"}},"hcx_network_backing":{"version":0,"block":{"attributes":{"entityid":{"type":"string","description_kind":"plain","computed":true},"id":{"type":"string","description_kind":"plain","optional":true,"computed":true},"name":{"type":"string","description_kind":"plain","required":true},"network_type":{"type":"string","description_kind":"plain","optional":true},"vcuuid":{"type":"string","description_kind":"plain","required":true}},"description_kind":"plain"}}}}}}
