{"format_version":"0.2","provider_schemas":{"registry.terraform.io/adhara-tech/ethereum":{"provider":{"version":0,"block":{"description_kind":"plain"}},"resource_schemas":{"ethereum_keystore_account":{"version":0,"block":{"attributes":{"address":{"type":"string","description_kind":"plain","computed":true},"encrypted_json":{"type":"string","description_kind":"plain","computed":true,"sensitive":true},"id":{"type":"string","description_kind":"plain","optional":true,"computed":true},"passphrase":{"type":"string","description":"passphrase to encrypt the ethereum account","description_kind":"plain","optional":true,"sensitive":true},"private_key":{"type":"string","description_kind":"plain","computed":true,"sensitive":true},"scrypt_encryption":{"type":"string","description":"scrypt encryption difficulty ( lightkdf =\u003e 4MB and 100ms CPU approximately, standartkdf =\u003e 256MB and 1s CPU approximately","description_kind":"plain","optional":true}},"description_kind":"plain"}}}}}}
