{"format_version":"0.2","provider_schemas":{"registry.terraform.io/adikastyle/commercetools":{"provider":{"version":0,"block":{"attributes":{"api_url":{"type":"string","description":"The API URL of the commercetools platform. https://docs.commercetools.com/http-api","description_kind":"plain","required":true},"client_id":{"type":"string","description":"The OAuth Client ID for a commercetools platform project. https://docs.commercetools.com/http-api-authorization","description_kind":"plain","required":true,"sensitive":true},"client_secret":{"type":"string","description":"The OAuth Client Secret for a commercetools platform project. https://docs.commercetools.com/http-api-authorization","description_kind":"plain","required":true,"sensitive":true},"project_key":{"type":"string","description":"The project key of commercetools platform project. https://docs.commercetools.com/getting-started","description_kind":"plain","required":true,"sensitive":true},"scopes":{"type":"string","description":"A list as string of OAuth scopes assigned to a project key, to access resources in a commercetools platform project. https://docs.commercetools.com/http-api-authorization","description_kind":"plain","required":true},"token_url":{"type":"string","description":"The authentication URL of the commercetools platform. https://docs.commercetools.com/http-api-authorization","description_kind":"plain","required":true}},"description_kind":"plain"}},"resource_schemas":{"commercetools_api_client":{"version":0,"block":{"attributes":{"id":{"type":"string","description_kind":"plain","optional":true,"computed":true},"name":{"type":"string","description_kind":"plain","required":true},"scope":{"type":["set","string"],"description_kind":"plain","required":true},"secret":{"type":"string","description_kind":"plain","computed":true}},"description_kind":"plain"}},"commercetools_api_extension":{"version":0,"block":{"attributes":{"destination":{"type":["map","string"],"description_kind":"plain","required":true},"id":{"type":"string","description_kind":"plain","optional":true,"computed":true},"key":{"type":"string","description_kind":"plain","optional":true},"timeout_in_ms":{"type":"number","description_kind":"plain","optional":true},"version":{"type":"number","description_kind":"plain","computed":true}},"block_types":{"trigger":{"nesting_mode":"list","block":{"attributes":{"actions":{"type":["list","string"],"description_kind":"plain","required":true},"resource_type_id":{"type":"string","description_kind":"plain","required":true}},"description_kind":"plain"},"min_items":1}},"description_kind":"plain"}},"commercetools_cart_discount":{"version":0,"block":{"attributes":{"description":{"type":["map","string"],"description_kind":"plain","optional":true},"id":{"type":"string","description_kind":"plain","optional":true,"computed":true},"is_active":{"type":"bool","description_kind":"plain","optional":true},"key":{"type":"string","description_kind":"plain","optional":true},"name":{"type":["map","string"],"description_kind":"plain","required":true},"predicate":{"type":"string","description_kind":"plain","required":true},"requires_discount_code":{"type":"bool","description_kind":"plain","optional":true},"sort_order":{"type":"string","description_kind":"plain","required":true},"stacking_mode":{"type":"string","description_kind":"plain","optional":true},"target":{"type":["map","string"],"description_kind":"plain","optional":true},"valid_from":{"type":"string","description_kind":"plain","optional":true},"valid_until":{"type":"string","description_kind":"plain","optional":true},"version":{"type":"number","description_kind":"plain","computed":true}},"block_types":{"value":{"nesting_mode":"list","block":{"attributes":{"distribution_channel_id":{"type":"string","description_kind":"plain","optional":true},"permyriad":{"type":"number","description_kind":"plain","optional":true},"product_id":{"type":"string","description_kind":"plain","optional":true},"supply_channel_id":{"type":"string","description_kind":"plain","optional":true},"type":{"type":"string","description_kind":"plain","required":true},"variant":{"type":"number","description_kind":"plain","optional":true}},"block_types":{"money":{"nesting_mode":"list","block":{"attributes":{"cent_amount":{"type":"number","description_kind":"plain","required":true},"currency_code":{"type":"string","description_kind":"plain","required":true}},"description_kind":"plain"}}},"description_kind":"plain"},"min_items":1,"max_items":1}},"description_kind":"plain"}},"commercetools_category":{"version":0,"block":{"attributes":{"description":{"type":["map","string"],"description_kind":"plain","optional":true},"external_id":{"type":"string","description_kind":"plain","optional":true},"id":{"type":"string","description_kind":"plain","optional":true,"computed":true},"key":{"type":"string","description_kind":"plain","optional":true},"meta_description":{"type":["map","string"],"description_kind":"plain","optional":true},"meta_keywords":{"type":["map","string"],"description_kind":"plain","optional":true},"meta_title":{"type":["map","string"],"description_kind":"plain","optional":true},"name":{"type":["map","string"],"description_kind":"plain","required":true},"order_hint":{"type":"string","description_kind":"plain","optional":true},"parent_key":{"type":"string","description_kind":"plain","optional":true},"slug":{"type":["map","string"],"description_kind":"plain","required":true},"version":{"type":"number","description_kind":"plain","computed":true}},"block_types":{"assets":{"nesting_mode":"list","block":{"attributes":{"description":{"type":["map","string"],"description_kind":"plain","optional":true},"key":{"type":"string","description_kind":"plain","optional":true},"name":{"type":["map","string"],"description_kind":"plain","required":true},"tags":{"type":["list","string"],"description_kind":"plain","optional":true}},"block_types":{"sources":{"nesting_mode":"list","block":{"attributes":{"content_type":{"type":"string","description_kind":"plain","optional":true},"dimensions":{"type":["map","string"],"description_kind":"plain","optional":true},"key":{"type":"string","description_kind":"plain","optional":true},"uri":{"type":"string","description_kind":"plain","required":true}},"description_kind":"plain"}}},"description_kind":"plain"}}},"description_kind":"plain"}},"commercetools_channel":{"version":0,"block":{"attributes":{"description":{"type":["map","string"],"description_kind":"plain","optional":true},"id":{"type":"string","description_kind":"plain","optional":true,"computed":true},"key":{"type":"string","description_kind":"plain","required":true},"name":{"type":["map","string"],"description_kind":"plain","optional":true},"roles":{"type":["list","string"],"description_kind":"plain","required":true},"version":{"type":"number","description_kind":"plain","computed":true}},"description_kind":"plain"}},"commercetools_custom_object":{"version":0,"block":{"attributes":{"container":{"type":"string","description_kind":"plain","required":true},"id":{"type":"string","description_kind":"plain","optional":true,"computed":true},"key":{"type":"string","description_kind":"plain","required":true},"value":{"type":"string","description_kind":"plain","required":true},"version":{"type":"number","description_kind":"plain","computed":true}},"description_kind":"plain"}},"commercetools_customer_group":{"version":0,"block":{"attributes":{"id":{"type":"string","description_kind":"plain","optional":true,"computed":true},"key":{"type":"string","description_kind":"plain","optional":true},"name":{"type":"string","description_kind":"plain","required":true},"version":{"type":"number","description_kind":"plain","computed":true}},"description_kind":"plain"}},"commercetools_discount_code":{"version":0,"block":{"attributes":{"cart_discounts":{"type":["list","string"],"description_kind":"plain","required":true},"code":{"type":"string","description_kind":"plain","required":true},"description":{"type":["map","string"],"description_kind":"plain","optional":true},"groups":{"type":["list","string"],"description_kind":"plain","optional":true},"id":{"type":"string","description_kind":"plain","optional":true,"computed":true},"is_active":{"type":"bool","description_kind":"plain","optional":true},"max_applications":{"type":"number","description_kind":"plain","optional":true},"max_applications_per_customer":{"type":"number","description_kind":"plain","optional":true},"name":{"type":["map","string"],"description_kind":"plain","optional":true},"predicate":{"type":"string","description_kind":"plain","optional":true},"valid_from":{"type":"string","description_kind":"plain","optional":true},"valid_until":{"type":"string","description_kind":"plain","optional":true},"version":{"type":"number","description_kind":"plain","computed":true}},"description_kind":"plain"}},"commercetools_product_type":{"version":0,"block":{"attributes":{"description":{"type":"string","description_kind":"plain","optional":true},"id":{"type":"string","description_kind":"plain","optional":true,"computed":true},"key":{"type":"string","description_kind":"plain","optional":true},"name":{"type":"string","description_kind":"plain","required":true},"version":{"type":"number","description_kind":"plain","computed":true}},"block_types":{"attribute":{"nesting_mode":"list","block":{"attributes":{"constraint":{"type":"string","description_kind":"plain","optional":true},"input_hint":{"type":"string","description_kind":"plain","optional":true},"input_tip":{"type":["map","string"],"description_kind":"plain","optional":true},"label":{"type":["map","string"],"description_kind":"plain","required":true},"name":{"type":"string","description_kind":"plain","required":true},"required":{"type":"bool","description_kind":"plain","optional":true},"searchable":{"type":"bool","description_kind":"plain","optional":true}},"block_types":{"type":{"nesting_mode":"list","block":{"attributes":{"name":{"type":"string","description_kind":"plain","required":true},"reference_type_id":{"type":"string","description_kind":"plain","optional":true},"type_reference":{"type":"string","description_kind":"plain","optional":true},"values":{"type":["map","string"],"description_kind":"plain","optional":true}},"block_types":{"element_type":{"nesting_mode":"list","block":{"attributes":{"name":{"type":"string","description_kind":"plain","required":true},"reference_type_id":{"type":"string","description_kind":"plain","optional":true},"type_reference":{"type":"string","description_kind":"plain","optional":true},"values":{"type":["map","string"],"description_kind":"plain","optional":true}},"block_types":{"localized_value":{"nesting_mode":"list","block":{"attributes":{"key":{"type":"string","description_kind":"plain","required":true},"label":{"type":["map","string"],"description_kind":"plain","required":true}},"description_kind":"plain"}}},"description_kind":"plain"},"max_items":1},"localized_value":{"nesting_mode":"list","block":{"attributes":{"key":{"type":"string","description_kind":"plain","required":true},"label":{"type":["map","string"],"description_kind":"plain","required":true}},"description_kind":"plain"}}},"description_kind":"plain"},"min_items":1,"max_items":1}},"description_kind":"plain"}}},"description_kind":"plain"}},"commercetools_project_settings":{"version":0,"block":{"attributes":{"carts":{"type":["map","string"],"description_kind":"plain","optional":true},"countries":{"type":["list","string"],"description_kind":"plain","optional":true},"currencies":{"type":["list","string"],"description_kind":"plain","optional":true},"external_oauth":{"type":["map","string"],"description_kind":"plain","optional":true},"id":{"type":"string","description_kind":"plain","optional":true,"computed":true},"key":{"type":"string","description_kind":"plain","computed":true},"languages":{"type":["list","string"],"description_kind":"plain","optional":true},"messages":{"type":["map","string"],"description_kind":"plain","optional":true},"name":{"type":"string","description_kind":"plain","optional":true},"version":{"type":"number","description_kind":"plain","computed":true}},"description_kind":"plain"}},"commercetools_shipping_method":{"version":0,"block":{"attributes":{"description":{"type":"string","description_kind":"plain","optional":true},"id":{"type":"string","description_kind":"plain","optional":true,"computed":true},"is_default":{"type":"bool","description_kind":"plain","optional":true},"key":{"type":"string","description_kind":"plain","optional":true},"name":{"type":"string","description_kind":"plain","required":true},"predicate":{"type":"string","description_kind":"plain","optional":true},"tax_category_id":{"type":"string","description_kind":"plain","optional":true},"version":{"type":"number","description_kind":"plain","computed":true}},"description_kind":"plain"}},"commercetools_shipping_zone":{"version":0,"block":{"attributes":{"description":{"type":"string","description_kind":"plain","optional":true},"id":{"type":"string","description_kind":"plain","optional":true,"computed":true},"key":{"type":"string","description_kind":"plain","optional":true},"name":{"type":"string","description_kind":"plain","optional":true},"version":{"type":"number","description_kind":"plain","computed":true}},"block_types":{"location":{"nesting_mode":"list","block":{"attributes":{"country":{"type":"string","description_kind":"plain","required":true},"state":{"type":"string","description_kind":"plain","optional":true}},"description_kind":"plain"}}},"description_kind":"plain"}},"commercetools_shipping_zone_rate":{"version":0,"block":{"attributes":{"id":{"type":"string","description_kind":"plain","optional":true,"computed":true},"shipping_method_id":{"type":"string","description_kind":"plain","required":true},"shipping_zone_id":{"type":"string","description_kind":"plain","required":true}},"block_types":{"free_above":{"nesting_mode":"list","block":{"attributes":{"cent_amount":{"type":"number","description_kind":"plain","required":true},"currency_code":{"type":"string","description_kind":"plain","required":true}},"description_kind":"plain"},"max_items":1},"price":{"nesting_mode":"list","block":{"attributes":{"cent_amount":{"type":"number","description_kind":"plain","required":true},"currency_code":{"type":"string","description_kind":"plain","required":true}},"description_kind":"plain"},"min_items":1,"max_items":1}},"description_kind":"plain"}},"commercetools_state":{"version":0,"block":{"attributes":{"description":{"type":["map","string"],"description_kind":"plain","optional":true},"id":{"type":"string","description_kind":"plain","optional":true,"computed":true},"initial":{"type":"bool","description_kind":"plain","optional":true},"key":{"type":"string","description_kind":"plain","required":true},"name":{"type":["map","string"],"description_kind":"plain","optional":true},"roles":{"type":["list","string"],"description_kind":"plain","optional":true},"transitions":{"type":["set","string"],"description_kind":"plain","optional":true},"type":{"type":"string","description_kind":"plain","required":true},"version":{"type":"number","description_kind":"plain","computed":true}},"description_kind":"plain"}},"commercetools_store":{"version":0,"block":{"attributes":{"distribution_channels":{"type":["list","string"],"description_kind":"plain","optional":true},"id":{"type":"string","description_kind":"plain","optional":true,"computed":true},"key":{"type":"string","description_kind":"plain","required":true},"languages":{"type":["list","string"],"description_kind":"plain","optional":true},"name":{"type":["map","string"],"description_kind":"plain","optional":true},"supply_channels":{"type":["list","string"],"description_kind":"plain","optional":true},"version":{"type":"number","description_kind":"plain","computed":true}},"description_kind":"plain"}},"commercetools_subscription":{"version":0,"block":{"attributes":{"destination":{"type":["map","string"],"description_kind":"plain","optional":true},"format":{"type":["map","string"],"description_kind":"plain","optional":true},"id":{"type":"string","description_kind":"plain","optional":true,"computed":true},"key":{"type":"string","description_kind":"plain","optional":true},"version":{"type":"number","description_kind":"plain","computed":true}},"block_types":{"changes":{"nesting_mode":"list","block":{"attributes":{"resource_type_ids":{"type":["list","string"],"description_kind":"plain","optional":true}},"description_kind":"plain"}},"message":{"nesting_mode":"list","block":{"attributes":{"resource_type_id":{"type":"string","description_kind":"plain","optional":true},"types":{"type":["list","string"],"description_kind":"plain","optional":true}},"description_kind":"plain"}}},"description_kind":"plain"}},"commercetools_tax_category":{"version":0,"block":{"attributes":{"description":{"type":"string","description_kind":"plain","optional":true},"id":{"type":"string","description_kind":"plain","optional":true,"computed":true},"key":{"type":"string","description_kind":"plain","optional":true},"name":{"type":"string","description_kind":"plain","required":true},"version":{"type":"number","description_kind":"plain","computed":true}},"description_kind":"plain"}},"commercetools_tax_category_rate":{"version":0,"block":{"attributes":{"amount":{"type":"number","description_kind":"plain","optional":true},"country":{"type":"string","description_kind":"plain","required":true},"id":{"type":"string","description_kind":"plain","optional":true,"computed":true},"included_in_price":{"type":"bool","description_kind":"plain","required":true},"name":{"type":"string","description_kind":"plain","required":true},"state":{"type":"string","description_kind":"plain","optional":true},"tax_category_id":{"type":"string","description_kind":"plain","required":true}},"block_types":{"sub_rate":{"nesting_mode":"list","block":{"attributes":{"amount":{"type":"number","description_kind":"plain","required":true},"name":{"type":"string","description_kind":"plain","required":true}},"description_kind":"plain"}}},"description_kind":"plain"}},"commercetools_type":{"version":0,"block":{"attributes":{"description":{"type":["map","string"],"description_kind":"plain","optional":true},"id":{"type":"string","description_kind":"plain","optional":true,"computed":true},"key":{"type":"string","description_kind":"plain","required":true},"name":{"type":["map","string"],"description_kind":"plain","required":true},"resource_type_ids":{"type":["list","string"],"description_kind":"plain","required":true},"version":{"type":"number","description_kind":"plain","computed":true}},"block_types":{"field":{"nesting_mode":"list","block":{"attributes":{"input_hint":{"type":"string","description_kind":"plain","optional":true},"label":{"type":["map","string"],"description_kind":"plain","required":true},"name":{"type":"string","description_kind":"plain","required":true},"required":{"type":"bool","description_kind":"plain","optional":true}},"block_types":{"type":{"nesting_mode":"list","block":{"attributes":{"name":{"type":"string","description_kind":"plain","required":true},"reference_type_id":{"type":"string","description_kind":"plain","optional":true},"values":{"type":["map","string"],"description_kind":"plain","optional":true}},"block_types":{"element_type":{"nesting_mode":"list","block":{"attributes":{"name":{"type":"string","description_kind":"plain","required":true},"reference_type_id":{"type":"string","description_kind":"plain","optional":true},"values":{"type":["map","string"],"description_kind":"plain","optional":true}},"block_types":{"localized_value":{"nesting_mode":"list","block":{"attributes":{"key":{"type":"string","description_kind":"plain","required":true},"label":{"type":["map","string"],"description_kind":"plain","required":true}},"description_kind":"plain"}}},"description_kind":"plain"},"max_items":1},"localized_value":{"nesting_mode":"list","block":{"attributes":{"key":{"type":"string","description_kind":"plain","required":true},"label":{"type":["map","string"],"description_kind":"plain","required":true}},"description_kind":"plain"}}},"description_kind":"plain"},"min_items":1,"max_items":1}},"description_kind":"plain"}}},"description_kind":"plain"}}}}}}
