{"format_version":"0.2","provider_schemas":{"registry.terraform.io/adriennecohea/vaultutility":{"provider":{"version":0,"block":{"description_kind":"plain"}},"resource_schemas":{"vaultutility_initialization":{"version":0,"block":{"attributes":{"address":{"type":"string","description_kind":"plain","required":true},"ca_cert_file":{"type":"string","description_kind":"plain","optional":true},"client_cert_file":{"type":"string","description_kind":"plain","optional":true},"client_key_file":{"type":"string","description_kind":"plain","optional":true},"id":{"type":"string","description_kind":"plain","optional":true,"computed":true},"keys":{"type":["list","string"],"description_kind":"plain","computed":true},"keys_b64":{"type":["list","string"],"description_kind":"plain","computed":true},"pgp_keys":{"type":["list","string"],"description_kind":"plain","optional":true},"recovery_keys":{"type":["list","string"],"description_kind":"plain","computed":true},"recovery_keys_b64":{"type":["list","string"],"description_kind":"plain","computed":true},"recovery_pgp_keys":{"type":["list","string"],"description_kind":"plain","optional":true},"recovery_shares":{"type":"number","description_kind":"plain","optional":true},"recovery_threshold":{"type":"number","description_kind":"plain","optional":true},"root_token":{"type":"string","description_kind":"plain","computed":true},"root_token_pgp_key":{"type":"string","description_kind":"plain","optional":true},"secret_shares":{"type":"number","description_kind":"plain","optional":true},"secret_threshold":{"type":"number","description_kind":"plain","optional":true}},"description_kind":"plain"}},"vaultutility_unseal":{"version":0,"block":{"attributes":{"address":{"type":"string","description_kind":"plain","required":true},"ca_cert_file":{"type":"string","description_kind":"plain","optional":true},"client_cert_file":{"type":"string","description_kind":"plain","optional":true},"client_key_file":{"type":"string","description_kind":"plain","optional":true},"id":{"type":"string","description_kind":"plain","optional":true,"computed":true},"unseal_keys":{"type":["list","string"],"description_kind":"plain","required":true}},"description_kind":"plain"}}}}}}
