{"format_version":"0.2","provider_schemas":{"registry.terraform.io/adriennecohea/nomadutility":{"provider":{"version":0,"block":{"attributes":{"address":{"type":"string","description":"URL of the root of the target Nomad agent.","description_kind":"plain","optional":true},"ca_file":{"type":"string","description":"A path to a PEM-encoded certificate authority used to verify the remote agent's certificate.","description_kind":"plain","optional":true},"cert_file":{"type":"string","description":"A path to a PEM-encoded certificate provided to the remote agent; requires use of key_file.","description_kind":"plain","optional":true},"key_file":{"type":"string","description":"A path to a PEM-encoded private key, required if cert_file is specified.","description_kind":"plain","optional":true},"tls_server_name":{"type":"string","description":"Specifies an optional string used to set the SNI host when connecting to Vault via TLS.","description_kind":"plain","optional":true}},"description_kind":"plain"}},"resource_schemas":{"nomadutility_acl_bootstrap":{"version":0,"block":{"attributes":{"accessor_id":{"type":"string","description":"Nomad-generated ID for this token.","description_kind":"plain","computed":true},"create_time":{"type":"string","description":"The timestamp the token was created.","description_kind":"plain","computed":true},"global":{"type":"bool","description":"Whether the token should be replicated to all regions or not.","description_kind":"plain","computed":true},"id":{"type":"string","description_kind":"plain","optional":true,"computed":true},"name":{"type":"string","description":"Human-readable name for this token.","description_kind":"plain","computed":true},"policies":{"type":["set","string"],"description":"The ACL policies to associate with the token, if it's a 'client' type.","description_kind":"plain","computed":true},"secret_id":{"type":"string","description":"The value that grants access to Nomad.","description_kind":"plain","computed":true,"sensitive":true},"type":{"type":"string","description":"The type of token to create, 'client' or 'management'.","description_kind":"plain","computed":true}},"description_kind":"plain"}}}}}}
