{"format_version":"0.2","provider_schemas":{"registry.terraform.io/aequitas/transip":{"provider":{"version":0,"block":{"attributes":{"access_token":{"type":"string","description":"Temporary access token used for authentication.","description_kind":"plain","optional":true},"account_name":{"type":"string","description":"Name of the Transip account.","description_kind":"plain","required":true},"private_key":{"type":"string","description":"Contents of the private key file to be used to authenticate.","description_kind":"plain","optional":true},"read_only":{"type":"bool","description":"Disable API write calls.","description_kind":"plain","optional":true},"test_mode":{"type":"bool","description":"Use API test mode.","description_kind":"plain","optional":true}},"description_kind":"plain"}},"resource_schemas":{"transip_dns_record":{"version":0,"block":{"attributes":{"content":{"type":["set","string"],"description":"The content of of the dns entry, for example '10 mail', '127.0.0.1' or 'www'.","description_kind":"plain","required":true},"domain":{"type":"string","description":"The name, including the tld of the domain.","description_kind":"plain","required":true},"expire":{"type":"number","description":"The expiration period of the dns entry, in seconds. For example 86400 for a day of expiration.","description_kind":"plain","optional":true},"id":{"type":"string","description_kind":"plain","optional":true,"computed":true},"name":{"type":"string","description":"The name of the dns entry, for example '@' or 'www'.","description_kind":"plain","required":true},"type":{"type":"string","description":"The type of dns entry. Possbible types are 'A', 'AAAA', 'CAA', 'CNAME', 'MX', 'NS', 'TXT', 'SRV', 'SSHFP' and 'TLSA'.","description_kind":"plain","required":true}},"description_kind":"plain"}},"transip_domain":{"version":0,"block":{"attributes":{"id":{"type":"string","description_kind":"plain","optional":true,"computed":true},"name":{"type":"string","description":"The name, including the tld of this domain","description_kind":"plain","required":true}},"description_kind":"plain"}},"transip_private_network":{"version":0,"block":{"attributes":{"description":{"type":"string","description":"The custom name that can be set by customer.","description_kind":"plain","required":true},"id":{"type":"string","description_kind":"plain","optional":true,"computed":true},"is_blocked":{"type":"string","description":"If the Private Network is administratively blocked.","description_kind":"plain","computed":true},"is_locked":{"type":"string","description":"When locked, another process is already working with this private network.","description_kind":"plain","computed":true},"name":{"type":"string","description":"The unique private network name","description_kind":"plain","computed":true},"vps_names":{"type":["list","string"],"description":"The VPSes in this private network.","description_kind":"plain","computed":true}},"description_kind":"plain"}},"transip_private_network_attachment":{"version":0,"block":{"attributes":{"id":{"type":"string","description_kind":"plain","optional":true,"computed":true},"private_network_id":{"type":"string","description":"Name of the Private Network.","description_kind":"plain","required":true},"vps_id":{"type":"string","description":"VPN name the Private Network is attached to.","description_kind":"plain","required":true}},"description_kind":"plain"}},"transip_sshkey":{"version":0,"block":{"attributes":{"creation_date":{"type":"string","description":"Creation date of the SSH key.","description_kind":"plain","computed":true},"description":{"type":"string","description":"The name that can be set by customer.","description_kind":"plain","required":true},"id":{"type":"string","description_kind":"plain","optional":true,"computed":true},"key":{"type":"string","description":"The public part of the SSH key.","description_kind":"plain","required":true},"md5_fingerprint":{"type":"string","description":"SSH key fingerprint.","description_kind":"plain","computed":true}},"description_kind":"plain"}},"transip_vps":{"version":0,"block":{"attributes":{"availability_zone":{"type":"string","description":"The name of the availability zone the VPS is in.","description_kind":"plain","optional":true},"cpus":{"type":"number","description":"The VPS cpu count.","description_kind":"plain","computed":true},"description":{"type":"string","description":"The name that can be set by customer.","description_kind":"plain","optional":true},"disk_size":{"type":"number","description":"The VPS disk size in kB.","description_kind":"plain","computed":true},"id":{"type":"string","description_kind":"plain","optional":true,"computed":true},"install_text":{"type":"string","description":"Base64 encoded preseed / kickstart / cloudinit instructions, when installing unattended.","description_kind":"plain","optional":true},"ip_address":{"type":"string","description":"The VPS main ipAddress.","description_kind":"plain","computed":true},"ipv4_addresses":{"type":["list","string"],"description":"All IPV4 addresses associated with this VPS.","description_kind":"plain","computed":true},"ipv6_addresses":{"type":["list","string"],"description":"All IPV6 addresses associated with this VPS.","description_kind":"plain","computed":true},"is_blocked":{"type":"bool","description":"If the VPS is administratively blocked.","description_kind":"plain","computed":true},"is_customer_locked":{"type":"bool","description":"If this VPS is locked by the customer.","description_kind":"plain","computed":true},"mac_address":{"type":"string","description":"The VPS macaddress.","description_kind":"plain","computed":true},"memory_size":{"type":"number","description":"The VPS memory size in kB.","description_kind":"plain","computed":true},"name":{"type":"string","description":"The unique VPS name.","description_kind":"plain","computed":true},"operating_system":{"type":"string","description":"The VPS OperatingSystem.","description_kind":"plain","required":true},"product_name":{"type":"string","description":"The product name.","description_kind":"plain","required":true},"status":{"type":"string","description":"The VPS status, either 'created', 'installing', 'running', 'stopped' or 'paused'.","description_kind":"plain","computed":true},"tags":{"type":["list","string"],"description":"The custom tags added to this VPS.","description_kind":"plain","computed":true}},"description_kind":"plain"}},"transip_vps_firewall":{"version":0,"block":{"attributes":{"id":{"type":"string","description_kind":"plain","optional":true,"computed":true},"is_enabled":{"type":"bool","description":"Whether the firewall is enabled for this VPS","description_kind":"plain","optional":true},"vps_name":{"type":"string","description":"Name of the VPS","description_kind":"plain","required":true}},"block_types":{"inbound_rule":{"nesting_mode":"set","block":{"attributes":{"description":{"type":"string","description":"The rule name.","description_kind":"plain","required":true},"port":{"type":"string","description":"Network port for this rule","description_kind":"plain","required":true},"protocol":{"type":"string","description":"The protocol `tcp`, `udp` or `tcp_udp`.","description_kind":"plain","optional":true},"whitelist":{"type":["list","string"],"description":"Whitelisted IP's or ranges that are allowed to connect, empty to allow all.","description_kind":"plain","optional":true}},"description":"Firewall rules","description_kind":"plain"}}},"description_kind":"plain"}}},"data_source_schemas":{"transip_domain":{"version":0,"block":{"attributes":{"authcode":{"type":"string","description":"The authcode for this domain as generated by the registry.","description_kind":"plain","computed":true},"cancellation_date":{"type":"string","description":"Cancellation data, in YYYY-mm-dd h:i:s format, null if the domain is active.","description_kind":"plain","computed":true},"cancellation_status":{"type":"string","description":"Cancellation status, null if the domain is active, 'cancelled' when the domain is cancelled.","description_kind":"plain","computed":true},"id":{"type":"string","description_kind":"plain","optional":true,"computed":true},"is_dns_only":{"type":"bool","description":"Whether this domain is DNS only.","description_kind":"plain","computed":true},"is_transfer_locked":{"type":"bool","description":"If this domain supports transfer locking, this flag is true when the domains ability to transfer is locked at the registry.","description_kind":"plain","computed":true},"is_whitelabel":{"type":"bool","description":"If this domain is added to your whitelabel.","description_kind":"plain","computed":true},"name":{"type":"string","description":"The name, including the tld of this domain.","description_kind":"plain","required":true},"nameservers":{"type":["list",["map","string"]],"description":"List of nameservers associated with domain.","description_kind":"plain","computed":true},"registration_date":{"type":"string","description":"Registration date of the domain, in YYYY-mm-dd format.","description_kind":"plain","computed":true},"renewal_date":{"type":"string","description":"Next renewal date of the domain, in YYYY-mm-dd format.","description_kind":"plain","computed":true},"tags":{"type":["list","string"],"description":"The custom tags added to this domain.","description_kind":"plain","computed":true}},"description_kind":"plain"}},"transip_private_network":{"version":0,"block":{"attributes":{"description":{"type":"string","description":"The custom name that can be set by customer.","description_kind":"plain","computed":true},"id":{"type":"string","description_kind":"plain","optional":true,"computed":true},"is_blocked":{"type":"string","description":"If the Private Network is administratively blocked.","description_kind":"plain","computed":true},"is_locked":{"type":"string","description":"When locked, another process is already working with this privatenetwork.","description_kind":"plain","computed":true},"name":{"type":"string","description":"The unique private network name","description_kind":"plain","required":true},"vps_names":{"type":["list","string"],"description":"The VPSes in this private network.","description_kind":"plain","computed":true}},"description_kind":"plain"}},"transip_sshkey":{"version":0,"block":{"attributes":{"description":{"type":"string","description":"The name that can be set by customer.","description_kind":"plain","optional":true},"id":{"type":"string","description":"The ID of the SSH key.","description_kind":"plain","optional":true},"key":{"type":"string","description":"The public part of the SSH key.","description_kind":"plain","optional":true},"md5_fingerprint":{"type":"string","description":"SSH key fingerprint.","description_kind":"plain","optional":true}},"description_kind":"plain"}},"transip_vps":{"version":0,"block":{"attributes":{"availability_zone":{"type":"string","description":"The name of the availability zone the VPS is in.","description_kind":"plain","computed":true},"cpus":{"type":"number","description":"The VPS cpu count.","description_kind":"plain","computed":true},"description":{"type":"string","description":"The name that can be set by customer.","description_kind":"plain","computed":true},"disk_size":{"type":"number","description":"The VPS disk size in kB.","description_kind":"plain","computed":true},"id":{"type":"string","description_kind":"plain","optional":true,"computed":true},"ip_address":{"type":"string","description":"The VPS main ipAddress.","description_kind":"plain","computed":true},"ipv4_addresses":{"type":["list","string"],"description":"All IPV4 addresses associated with this VPS.","description_kind":"plain","computed":true},"ipv6_address":{"type":["list","string"],"description":"All IPV6 addresses associated with this VPS.","description_kind":"plain","computed":true},"is_blocked":{"type":"bool","description":"If the VPS is administratively blocked.","description_kind":"plain","computed":true},"is_customer_locked":{"type":"bool","description":"If this VPS is locked by the customer.","description_kind":"plain","computed":true},"is_locked":{"type":"bool","description":"Whether or not another process is already doing stuff with this VPS.","description_kind":"plain","computed":true},"mac_address":{"type":"string","description":"The VPS macaddress.","description_kind":"plain","computed":true},"memory_size":{"type":"number","description":"The VPS memory size in kB.","description_kind":"plain","computed":true},"name":{"type":"string","description":"The unique VPS name.","description_kind":"plain","required":true},"operating_system":{"type":"string","description":"The VPS OperatingSystem.","description_kind":"plain","computed":true},"product_name":{"type":"string","description":"The product name.","description_kind":"plain","computed":true},"status":{"type":"string","description":"The VPS status, either 'created', 'installing', 'running', 'stopped' or 'paused'.","description_kind":"plain","computed":true},"tags":{"type":["list","string"],"description":"The custom tags added to this VPS.","description_kind":"plain","computed":true}},"description_kind":"plain"}}}}}}
