{"format_version":"0.2","provider_schemas":{"registry.terraform.io/ai-craft-reprise/adverity":{"provider":{"version":0,"block":{"attributes":{"instance_url":{"type":"string","description":"Url YOUR_STACK.datatap.adverity.com","description_kind":"plain","required":true},"token":{"type":"string","description":"Token","description_kind":"plain","required":true}},"description_kind":"plain"}},"resource_schemas":{"adverity_connection":{"version":0,"block":{"attributes":{"connection_parameters":{"type":["map","string"],"description_kind":"plain","optional":true},"connection_type_id":{"type":"number","description_kind":"plain","required":true},"id":{"type":"string","description_kind":"plain","optional":true,"computed":true},"name":{"type":"string","description_kind":"plain","required":true},"stack":{"type":"number","description_kind":"plain","required":true}},"description_kind":"plain"}},"adverity_datastream":{"version":0,"block":{"attributes":{"datastream_parameters":{"type":["map","string"],"description_kind":"plain","optional":true},"datastream_type_id":{"type":"number","description_kind":"plain","required":true},"id":{"type":"string","description_kind":"plain","optional":true,"computed":true},"name":{"type":"string","description_kind":"plain","required":true},"stack":{"type":"number","description_kind":"plain","required":true}},"block_types":{"datastream_list":{"nesting_mode":"set","block":{"block_types":{"parameter":{"nesting_mode":"list","block":{"attributes":{"name":{"type":"string","description_kind":"plain","optional":true},"values":{"type":["list","number"],"description_kind":"plain","optional":true}},"description_kind":"plain"}}},"description_kind":"plain"}},"datastream_string_list":{"nesting_mode":"set","block":{"block_types":{"parameter":{"nesting_mode":"list","block":{"attributes":{"name":{"type":"string","description_kind":"plain","optional":true},"values":{"type":["list","string"],"description_kind":"plain","optional":true}},"description_kind":"plain"}}},"description_kind":"plain"}}},"description_kind":"plain"}},"adverity_destination":{"version":0,"block":{"attributes":{"auth":{"type":"number","description_kind":"plain","required":true},"dataset_id":{"type":"string","description_kind":"plain","required":true},"destination_type":{"type":"number","description_kind":"plain","required":true},"id":{"type":"string","description_kind":"plain","optional":true,"computed":true},"name":{"type":"string","description_kind":"plain","required":true},"project_id":{"type":"string","description_kind":"plain","required":true},"stack":{"type":"number","description_kind":"plain","required":true}},"description_kind":"plain"}},"adverity_storage":{"version":0,"block":{"attributes":{"auth":{"type":"number","description_kind":"plain","required":true},"id":{"type":"string","description_kind":"plain","optional":true,"computed":true},"name":{"type":"string","description_kind":"plain","required":true},"stack":{"type":"number","description_kind":"plain","optional":true},"url":{"type":"string","description_kind":"plain","required":true}},"description_kind":"plain"}},"adverity_workspace":{"version":0,"block":{"attributes":{"datalake_id":{"type":"string","description_kind":"plain","required":true},"id":{"type":"string","description_kind":"plain","optional":true,"computed":true},"name":{"type":"string","description_kind":"plain","required":true},"parent_id":{"type":"number","description_kind":"plain","optional":true},"slug":{"type":"string","description_kind":"plain","computed":true}},"description_kind":"plain"}}},"data_source_schemas":{"adverity_workspace":{"version":0,"block":{"attributes":{"datalake_id":{"type":"string","description_kind":"plain","computed":true},"id":{"type":"string","description_kind":"plain","optional":true,"computed":true},"name":{"type":"string","description_kind":"plain","computed":true},"parent_id":{"type":"number","description_kind":"plain","computed":true},"slug":{"type":"string","description_kind":"plain","required":true},"workspace_id":{"type":"string","description_kind":"plain","required":true}},"description_kind":"plain"}}}}}}
