{"format_version":"0.2","provider_schemas":{"registry.terraform.io/akeyless-community/akeyless":{"provider":{"version":0,"block":{"attributes":{"api_gateway_address":{"type":"string","description":"Origin URL of the API Gateway server. This is a URL with a scheme, a hostname and a port.","description_kind":"plain","optional":true}},"block_types":{"api_key_login":{"nesting_mode":"list","block":{"attributes":{"access_id":{"type":"string","description_kind":"plain","required":true},"access_key":{"type":"string","description_kind":"plain","required":true,"sensitive":true}},"description":"A configuration block, described below, that attempts to authenticate using API-Key.","description_kind":"plain"}},"aws_iam_login":{"nesting_mode":"list","block":{"attributes":{"access_id":{"type":"string","description_kind":"plain","required":true}},"description":"A configuration block, described below, that attempts to authenticate using AWS-IAM authentication credentials.","description_kind":"plain"}},"azure_ad_login":{"nesting_mode":"list","block":{"attributes":{"access_id":{"type":"string","description_kind":"plain","required":true}},"description":"A configuration block, described below, that attempts to authenticate using Azure Active Directory authentication.","description_kind":"plain"}},"email_login":{"nesting_mode":"list","block":{"attributes":{"admin_email":{"type":"string","description_kind":"plain","required":true},"admin_password":{"type":"string","description_kind":"plain","required":true}},"description":"A configuration block, described below, that attempts to authenticate using email and password.","description_kind":"plain"}}},"description_kind":"plain"}},"resource_schemas":{"akeyless_auth_method":{"version":0,"block":{"attributes":{"access_expires":{"type":"number","description":"Access expiration date in Unix timestamp (select 0 for access without expiry date)","description_kind":"plain","optional":true},"access_id":{"type":"string","description":"Auth Method access ID","description_kind":"plain","computed":true},"access_key":{"type":"string","description":"Auth Method access key","description_kind":"plain","computed":true,"sensitive":true},"bound_ips":{"type":"string","description":"A CIDR whitelist with the IPs that the access is restricted to","description_kind":"plain","optional":true},"id":{"type":"string","description_kind":"plain","optional":true,"computed":true},"path":{"type":"string","description":"The path where the Auth Method will be stored","description_kind":"plain","required":true}},"block_types":{"api_key":{"nesting_mode":"list","block":{"description":"A configuration block, described below, using API-Key Auth Method","description_kind":"plain"}},"aws_iam":{"nesting_mode":"list","block":{"attributes":{"bound_arn":{"type":["set","string"],"description":"A list of full arns that the access is restricted to","description_kind":"plain","optional":true},"bound_aws_account_id":{"type":["set","string"],"description":"A list of AWS account-IDs that the access is restricted to","description_kind":"plain","required":true},"bound_resource_id":{"type":["set","string"],"description":"A list of full resource ids that the access is restricted to","description_kind":"plain","optional":true},"bound_role_id":{"type":["set","string"],"description":"A list of full role ids that the access is restricted to","description_kind":"plain","optional":true},"bound_role_name":{"type":["set","string"],"description":"A list of full role-name that the access is restricted to","description_kind":"plain","optional":true},"bound_user_id":{"type":["set","string"],"description":"A list of full user ids that the access is restricted to","description_kind":"plain","optional":true},"bound_user_name":{"type":["set","string"],"description":"A list of full user-name that the access is restricted to","description_kind":"plain","optional":true},"sts_url":{"type":"string","description":"STS URL (default: https://sts.amazonaws.com)","description_kind":"plain","optional":true}},"description":"A configuration block, described below, using AWS-IAM Auth Method","description_kind":"plain"}},"azure_ad":{"nesting_mode":"list","block":{"attributes":{"bound_group_id":{"type":["set","string"],"description":"A list of group ids that the access is restricted to","description_kind":"plain","optional":true},"bound_providers":{"type":["set","string"],"description":"A list of resource providers that the access is restricted to (e.g, Microsoft.Compute, Microsoft.ManagedIdentity, etc)","description_kind":"plain","optional":true},"bound_resource_id":{"type":["set","string"],"description":"A list of full resource ids that the access is restricted to","description_kind":"plain","optional":true},"bound_resource_names":{"type":["set","string"],"description":"A list of resource names that the access is restricted to (e.g, a virtual machine name, scale set name, etc)","description_kind":"plain","optional":true},"bound_resource_types":{"type":["set","string"],"description":"A list of resource types that the access is restricted to (e.g, virtualMachines, userAssignedIdentities, etc)","description_kind":"plain","optional":true},"bound_rg_id":{"type":["set","string"],"description":"A list of resource groups that the access is restricted to","description_kind":"plain","optional":true},"bound_spid":{"type":["set","string"],"description":"A list of service principal IDs that the access is restricted to","description_kind":"plain","optional":true},"bound_sub_id":{"type":["set","string"],"description":"A list of subscription ids that the access is restricted to","description_kind":"plain","optional":true},"bound_tenant_id":{"type":"string","description":"The Azure tenant id that the access is restricted to","description_kind":"plain","required":true},"custom_audience":{"type":"string","description":"The audience in the JWT","description_kind":"plain","optional":true},"custom_issuer":{"type":"string","description":"Issuer URL","description_kind":"plain","optional":true},"jwks_uri":{"type":"string","description":"The URL to the JSON Web Key Set (JWKS) that containing the public keys that should be used to verify any JSON Web Token (JWT) issued by the authorization server","description_kind":"plain","optional":true}},"description":"A configuration block, described below, using Azure AD Auth Method","description_kind":"plain"}},"gcp":{"nesting_mode":"list","block":{"attributes":{"audience":{"type":"string","description":"The audience to verify in the JWT received by the client","description_kind":"plain","optional":true},"service_account_creds_data":{"type":"string","description":"Service Account creds data, base64 encoded","description_kind":"plain","required":true}},"block_types":{"gce":{"nesting_mode":"list","block":{"attributes":{"bound_labels":{"type":["set","string"],"description":"GCE only. A list of GCP labels formatted as \"key:value\" pairs that must be set on instances in order to authenticate","description_kind":"plain","optional":true},"bound_regions":{"type":["set","string"],"description":"GCE only. A list of regions. GCE instances must belong to any of the provided regions in order to authenticate","description_kind":"plain","optional":true},"bound_zones":{"type":["set","string"],"description":"GCE only. A list of zones. GCE instances must belong to any of the provided zones in order to authenticate","description_kind":"plain","optional":true}},"description":"IAM GCE Auth Method","description_kind":"plain"}},"iam":{"nesting_mode":"list","block":{"attributes":{"bound_service_accounts":{"type":["set","string"],"description":"IAM only. A list of Service Accounts. Clients must belong to any of the provided service accounts in order to authenticate","description_kind":"plain","optional":true}},"description":"IAM GCP Auth Method","description_kind":"plain"}}},"description":"A configuration block, described below, using Auth Method API-Key","description_kind":"plain"}},"saml":{"nesting_mode":"list","block":{"attributes":{"idp_metadata_url":{"type":"string","description":"IDP metadata url","description_kind":"plain","required":true},"unique_identifier":{"type":"string","description":"A unique identifier (ID) value should be configured for OAuth2, LDAP and SAML authentication method types and is usually a value such as the email, username, or upn for example","description_kind":"plain","required":true}},"description":"A configuration block, described below, using SAML Auth Method","description_kind":"plain"}}},"description":"Authentication Methods represent machine identities or human identities","description_kind":"plain"}},"akeyless_role":{"version":0,"block":{"attributes":{"analytics_access":{"type":"string","description":"Allow this role to view analytics. Currently only 'none' and 'own' values are supported, allowing associated auth methods to view reports produced by the same auth methods","description_kind":"plain","optional":true},"assoc_auth_method_with_rules":{"type":"string","description_kind":"plain","computed":true},"audit_access":{"type":"string","description":"Allow this role to view audit logs. 'none', 'own', and 'all' values are supported, allowing associated auth methods to view audit logs produced by the same auth methods","description_kind":"plain","optional":true},"comment":{"type":"string","description":"Comment about the role","description_kind":"plain","optional":true},"id":{"type":"string","description_kind":"plain","optional":true,"computed":true},"name":{"type":"string","description":"Role name","description_kind":"plain","required":true}},"block_types":{"assoc_auth_method":{"nesting_mode":"list","block":{"attributes":{"am_name":{"type":"string","description":"The auth method to associate","description_kind":"plain","required":true},"sub_claims":{"type":["map","string"],"description":"key/val of sub claims, e.g group=admins,developers","description_kind":"plain","optional":true}},"description":"Create an association between role and auth method","description_kind":"plain"}},"rules":{"nesting_mode":"list","block":{"attributes":{"capability":{"type":["set","string"],"description":"List of the approved/denied capabilities in the path options: [read, create, update, delete, list, deny]","description_kind":"plain","required":true},"path":{"type":"string","description":"The path the rule refers to","description_kind":"plain","required":true},"rule_type":{"type":"string","description":"item-rule, target-rule, role-rule, auth-method-rule","description_kind":"plain","optional":true}},"description":"Set a rule to a role","description_kind":"plain"}}},"description":"Role Resource","description_kind":"plain"}},"akeyless_static_secret":{"version":0,"block":{"attributes":{"id":{"type":"string","description_kind":"plain","optional":true,"computed":true},"multiline_value":{"type":"bool","description":"The provided value is a multiline value (separated by '\n')","description_kind":"plain","optional":true},"path":{"type":"string","description":"The path where the secret will be stored.","description_kind":"plain","required":true},"protection_key":{"type":"string","description":"The version of the secret.","description_kind":"plain","optional":true,"computed":true},"value":{"type":"string","description":"The secret content.","description_kind":"plain","required":true,"sensitive":true},"version":{"type":"number","description":"The version of the secret.","description_kind":"plain","computed":true}},"description":"Static secret Resource","description_kind":"plain"}}},"data_source_schemas":{"akeyless_auth_method":{"version":0,"block":{"attributes":{"access_id":{"type":"string","description":"The version of the secret.","description_kind":"plain","computed":true},"account_id":{"type":"string","description":"The version of the secret.","description_kind":"plain","computed":true},"id":{"type":"string","description_kind":"plain","optional":true,"computed":true},"path":{"type":"string","description":"The path where the secret is stored. Defaults to the latest version.","description_kind":"plain","required":true}},"description":"Auth Method data source","description_kind":"plain"}},"akeyless_dynamic_secret":{"version":0,"block":{"attributes":{"id":{"type":"string","description_kind":"plain","optional":true,"computed":true},"path":{"type":"string","description":"The path where the secret is stored. Defaults to the latest version.","description_kind":"plain","required":true},"value":{"type":"string","description":"The secret contents.","description_kind":"plain","computed":true,"sensitive":true}},"description":"Dynamic Secret data source","description_kind":"plain"}},"akeyless_role":{"version":0,"block":{"attributes":{"assoc_auth_method_with_rules":{"type":"string","description_kind":"plain","computed":true},"id":{"type":"string","description_kind":"plain","optional":true,"computed":true},"name":{"type":"string","description":"The Role name","description_kind":"plain","required":true}},"description":"Role data source","description_kind":"plain"}},"akeyless_secret":{"version":0,"block":{"attributes":{"id":{"type":"string","description_kind":"plain","optional":true,"computed":true},"path":{"type":"string","description":"The path where the secret is stored","description_kind":"plain","required":true},"value":{"type":"string","description":"The secret contents","description_kind":"plain","computed":true,"sensitive":true},"version":{"type":"number","description":"The version of the secret.","description_kind":"plain","computed":true}},"description":"Reads any secret data (currently support Static/Dynamic)","description_kind":"plain"}},"akeyless_static_secret":{"version":0,"block":{"attributes":{"id":{"type":"string","description_kind":"plain","optional":true,"computed":true},"path":{"type":"string","description":"The path where the secret is stored. Defaults to the latest version.","description_kind":"plain","required":true},"value":{"type":"string","description":"The secret contents.","description_kind":"plain","computed":true,"sensitive":true},"version":{"type":"number","description":"The version of the secret.","description_kind":"plain","computed":true}},"description":"Static secret data source","description_kind":"plain"}}}}}}
