{"format_version":"0.2","provider_schemas":{"registry.terraform.io/alejandrod/ec":{"provider":{"version":0,"block":{"attributes":{"apikey":{"type":"string","description":"API Key to use for API authentication. The only valid authentication mechanism for the Elasticsearch Service.","description_kind":"plain","optional":true,"sensitive":true},"endpoint":{"type":"string","description":"Endpoint where the terraform provider will point to. Defaults to \"https://api.elastic-cloud.com\".","description_kind":"plain","optional":true},"insecure":{"type":"bool","description":"Allow the provider to skip TLS validation on its outgoing HTTP calls.","description_kind":"plain","optional":true},"password":{"type":"string","description":"Password to use for API authentication. Available only when targeting ECE Installations or Elasticsearch Service Private.","description_kind":"plain","optional":true,"sensitive":true},"timeout":{"type":"string","description":"Timeout used for individual HTTP calls. Defaults to \"1m\".","description_kind":"plain","optional":true},"username":{"type":"string","description":"Username to use for API authentication. Available only when targeting ECE Installations or Elasticsearch Service Private.","description_kind":"plain","optional":true},"verbose":{"type":"bool","description":"When set, a \"request.log\" file will be written with all outgoing HTTP requests. Defaults to \"false\".","description_kind":"plain","optional":true}},"description_kind":"plain"}},"resource_schemas":{"ec_deployment":{"version":0,"block":{"attributes":{"deployment_template_id":{"type":"string","description_kind":"plain","required":true},"elasticsearch_password":{"type":"string","description_kind":"plain","computed":true,"sensitive":true},"elasticsearch_username":{"type":"string","description_kind":"plain","computed":true},"id":{"type":"string","description_kind":"plain","optional":true,"computed":true},"name":{"type":"string","description_kind":"plain","optional":true},"region":{"type":"string","description_kind":"plain","required":true},"request_id":{"type":"string","description_kind":"plain","optional":true},"version":{"type":"string","description_kind":"plain","required":true}},"block_types":{"apm":{"nesting_mode":"list","block":{"attributes":{"display_name":{"type":"string","description_kind":"plain","computed":true},"elasticsearch_cluster_ref_id":{"type":"string","description_kind":"plain","optional":true},"http_endpoint":{"type":"string","description_kind":"plain","computed":true},"https_endpoint":{"type":"string","description_kind":"plain","computed":true},"ref_id":{"type":"string","description_kind":"plain","optional":true},"region":{"type":"string","description_kind":"plain","computed":true},"resource_id":{"type":"string","description_kind":"plain","computed":true},"secret_token":{"type":"string","description_kind":"plain","computed":true},"version":{"type":"string","description_kind":"plain","computed":true}},"block_types":{"config":{"nesting_mode":"list","block":{"attributes":{"debug_enabled":{"type":"bool","description":"Optionally enable debug mode for APM servers - defaults to false","description_kind":"plain","optional":true},"secret_token":{"type":"string","description":"Optionally override the secret token within APM - defaults to the previously existing secretToken","description_kind":"plain","optional":true,"computed":true},"user_settings_json":{"type":"string","description":"An arbitrary JSON object allowing (non-admin) cluster owners to set their parameters (only one of this and 'user_settings_yaml' is allowed), provided they are on the whitelist ('user_settings_whitelist') and not on the blacklist ('user_settings_blacklist'). (This field together with 'user_settings_override*' and 'system_settings' defines the total set of resource settings)","description_kind":"plain","optional":true},"user_settings_override_json":{"type":"string","description":"An arbitrary JSON object allowing ECE admins owners to set clusters' parameters (only one of this and 'user_settings_override_yaml' is allowed), ie in addition to the documented 'system_settings'. (This field together with 'system_settings' and 'user_settings*' defines the total set of resource settings)","description_kind":"plain","optional":true},"user_settings_override_yaml":{"type":"string","description":"An arbitrary YAML object allowing (non-admin) cluster owners to set their parameters (only one of this and 'user_settings_json' is allowed), provided they are on the whitelist ('user_settings_whitelist') and not on the blacklist ('user_settings_blacklist'). (These field together with 'user_settings_override*' and 'system_settings' defines the total set of resource settings)","description_kind":"plain","optional":true},"user_settings_yaml":{"type":"string","description":"An arbitrary YAML object allowing ECE admins owners to set clusters' parameters (only one of this and 'user_settings_override_json' is allowed), ie in addition to the documented 'system_settings'. (This field together with 'system_settings' and 'user_settings*' defines the total set of resource settings)","description_kind":"plain","optional":true}},"description":"Optionally define the Apm configuration options for the APM Server","description_kind":"plain"},"max_items":1},"topology":{"nesting_mode":"list","block":{"attributes":{"instance_configuration_id":{"type":"string","description_kind":"plain","required":true},"memory_per_node":{"type":"string","description_kind":"plain","optional":true},"zone_count":{"type":"number","description_kind":"plain","optional":true}},"block_types":{"config":{"nesting_mode":"list","block":{"attributes":{"debug_enabled":{"type":"bool","description":"Optionally enable debug mode for APM servers - defaults to false","description_kind":"plain","optional":true},"secret_token":{"type":"string","description":"Optionally override the secret token within APM - defaults to the previously existing secretToken","description_kind":"plain","optional":true,"computed":true},"user_settings_json":{"type":"string","description":"An arbitrary JSON object allowing (non-admin) cluster owners to set their parameters (only one of this and 'user_settings_yaml' is allowed), provided they are on the whitelist ('user_settings_whitelist') and not on the blacklist ('user_settings_blacklist'). (This field together with 'user_settings_override*' and 'system_settings' defines the total set of resource settings)","description_kind":"plain","optional":true},"user_settings_override_json":{"type":"string","description":"An arbitrary JSON object allowing ECE admins owners to set clusters' parameters (only one of this and 'user_settings_override_yaml' is allowed), ie in addition to the documented 'system_settings'. (This field together with 'system_settings' and 'user_settings*' defines the total set of resource settings)","description_kind":"plain","optional":true},"user_settings_override_yaml":{"type":"string","description":"An arbitrary YAML object allowing (non-admin) cluster owners to set their parameters (only one of this and 'user_settings_json' is allowed), provided they are on the whitelist ('user_settings_whitelist') and not on the blacklist ('user_settings_blacklist'). (These field together with 'user_settings_override*' and 'system_settings' defines the total set of resource settings)","description_kind":"plain","optional":true},"user_settings_yaml":{"type":"string","description":"An arbitrary YAML object allowing ECE admins owners to set clusters' parameters (only one of this and 'user_settings_override_json' is allowed), ie in addition to the documented 'system_settings'. (This field together with 'system_settings' and 'user_settings*' defines the total set of resource settings)","description_kind":"plain","optional":true}},"description":"Optionally define the Apm configuration options for the APM Server","description_kind":"plain"},"max_items":1}},"description_kind":"plain"},"min_items":1}},"description_kind":"plain"},"max_items":1},"appsearch":{"nesting_mode":"list","block":{"attributes":{"display_name":{"type":"string","description_kind":"plain","computed":true},"elasticsearch_cluster_ref_id":{"type":"string","description_kind":"plain","optional":true},"http_endpoint":{"type":"string","description_kind":"plain","computed":true},"https_endpoint":{"type":"string","description_kind":"plain","computed":true},"ref_id":{"type":"string","description_kind":"plain","optional":true},"region":{"type":"string","description_kind":"plain","computed":true},"resource_id":{"type":"string","description_kind":"plain","computed":true},"version":{"type":"string","description_kind":"plain","computed":true}},"block_types":{"config":{"nesting_mode":"list","block":{"attributes":{"secret_session_key":{"type":"string","description":"Optionally override the secret session key within AppSearch - defaults to the previously existing secretSession","description_kind":"plain","computed":true},"user_settings_json":{"type":"string","description":"An arbitrary JSON object allowing (non-admin) cluster owners to set their parameters (only one of this and 'user_settings_yaml' is allowed), provided they are on the whitelist ('user_settings_whitelist') and not on the blacklist ('user_settings_blacklist'). (This field together with 'user_settings_override*' and 'system_settings' defines the total set of resource settings)","description_kind":"plain","optional":true},"user_settings_override_json":{"type":"string","description":"An arbitrary JSON object allowing ECE admins owners to set clusters' parameters (only one of this and 'user_settings_override_yaml' is allowed), ie in addition to the documented 'system_settings'. (This field together with 'system_settings' and 'user_settings*' defines the total set of resource settings)","description_kind":"plain","optional":true},"user_settings_override_yaml":{"type":"string","description":"An arbitrary YAML object allowing (non-admin) cluster owners to set their parameters (only one of this and 'user_settings_json' is allowed), provided they are on the whitelist ('user_settings_whitelist') and not on the blacklist ('user_settings_blacklist'). (These field together with 'user_settings_override*' and 'system_settings' defines the total set of resource settings)","description_kind":"plain","optional":true},"user_settings_yaml":{"type":"string","description":"An arbitrary YAML object allowing ECE admins owners to set clusters' parameters (only one of this and 'user_settings_override_json' is allowed), ie in addition to the documented 'system_settings'. (This field together with 'system_settings' and 'user_settings*' defines the total set of resource settings)","description_kind":"plain","optional":true}},"description":"Optionally define the AppSearch configuration options for the AppSearch Server","description_kind":"plain"},"max_items":1},"topology":{"nesting_mode":"list","block":{"attributes":{"instance_configuration_id":{"type":"string","description_kind":"plain","required":true},"memory_per_node":{"type":"string","description_kind":"plain","optional":true},"node_type_appserver":{"type":"bool","description_kind":"plain","optional":true},"node_type_worker":{"type":"bool","description_kind":"plain","optional":true},"zone_count":{"type":"number","description_kind":"plain","optional":true}},"block_types":{"config":{"nesting_mode":"list","block":{"attributes":{"secret_session_key":{"type":"string","description":"Optionally override the secret session key within AppSearch - defaults to the previously existing secretSession","description_kind":"plain","computed":true},"user_settings_json":{"type":"string","description":"An arbitrary JSON object allowing (non-admin) cluster owners to set their parameters (only one of this and 'user_settings_yaml' is allowed), provided they are on the whitelist ('user_settings_whitelist') and not on the blacklist ('user_settings_blacklist'). (This field together with 'user_settings_override*' and 'system_settings' defines the total set of resource settings)","description_kind":"plain","optional":true},"user_settings_override_json":{"type":"string","description":"An arbitrary JSON object allowing ECE admins owners to set clusters' parameters (only one of this and 'user_settings_override_yaml' is allowed), ie in addition to the documented 'system_settings'. (This field together with 'system_settings' and 'user_settings*' defines the total set of resource settings)","description_kind":"plain","optional":true},"user_settings_override_yaml":{"type":"string","description":"An arbitrary YAML object allowing (non-admin) cluster owners to set their parameters (only one of this and 'user_settings_json' is allowed), provided they are on the whitelist ('user_settings_whitelist') and not on the blacklist ('user_settings_blacklist'). (These field together with 'user_settings_override*' and 'system_settings' defines the total set of resource settings)","description_kind":"plain","optional":true},"user_settings_yaml":{"type":"string","description":"An arbitrary YAML object allowing ECE admins owners to set clusters' parameters (only one of this and 'user_settings_override_json' is allowed), ie in addition to the documented 'system_settings'. (This field together with 'system_settings' and 'user_settings*' defines the total set of resource settings)","description_kind":"plain","optional":true}},"description":"Optionally define the AppSearch configuration options for the AppSearch Server","description_kind":"plain"},"max_items":1}},"description_kind":"plain"},"min_items":1}},"description_kind":"plain"},"max_items":1},"elasticsearch":{"nesting_mode":"list","block":{"attributes":{"cloud_id":{"type":"string","description_kind":"plain","computed":true},"display_name":{"type":"string","description_kind":"plain","optional":true},"http_endpoint":{"type":"string","description_kind":"plain","computed":true},"https_endpoint":{"type":"string","description_kind":"plain","computed":true},"ref_id":{"type":"string","description_kind":"plain","optional":true},"region":{"type":"string","description_kind":"plain","computed":true},"resource_id":{"type":"string","description_kind":"plain","computed":true},"version":{"type":"string","description_kind":"plain","computed":true}},"block_types":{"monitoring_settings":{"nesting_mode":"list","block":{"attributes":{"target_cluster_id":{"type":"string","description_kind":"plain","required":true}},"description_kind":"plain"},"max_items":1},"snapshot_settings":{"nesting_mode":"list","block":{"attributes":{"enabled":{"type":"bool","description_kind":"plain","required":true},"interval":{"type":"string","description_kind":"plain","required":true},"retention_max_age":{"type":"string","description_kind":"plain","required":true},"retention_snapshots":{"type":"number","description_kind":"plain","required":true}},"description_kind":"plain"},"max_items":1},"topology":{"nesting_mode":"list","block":{"attributes":{"instance_configuration_id":{"type":"string","description_kind":"plain","required":true},"memory_per_node":{"type":"string","description_kind":"plain","optional":true},"node_count_per_zone":{"type":"number","description_kind":"plain","computed":true},"node_type_data":{"type":"bool","description_kind":"plain","optional":true},"node_type_ingest":{"type":"bool","description_kind":"plain","optional":true},"node_type_master":{"type":"bool","description_kind":"plain","optional":true},"node_type_ml":{"type":"bool","description_kind":"plain","optional":true},"zone_count":{"type":"number","description_kind":"plain","optional":true}},"description_kind":"plain"},"min_items":1}},"description_kind":"plain"},"min_items":1,"max_items":1},"enterprise_search":{"nesting_mode":"list","block":{"attributes":{"display_name":{"type":"string","description_kind":"plain","computed":true},"elasticsearch_cluster_ref_id":{"type":"string","description_kind":"plain","optional":true},"http_endpoint":{"type":"string","description_kind":"plain","computed":true},"https_endpoint":{"type":"string","description_kind":"plain","computed":true},"ref_id":{"type":"string","description_kind":"plain","optional":true},"region":{"type":"string","description_kind":"plain","computed":true},"resource_id":{"type":"string","description_kind":"plain","computed":true},"version":{"type":"string","description_kind":"plain","computed":true}},"block_types":{"config":{"nesting_mode":"list","block":{"attributes":{"secret_session_key":{"type":"string","description":"Optionally override the secret session key within Enterprise Search - defaults to the previously existing secretSession","description_kind":"plain","computed":true},"user_settings_json":{"type":"string","description":"An arbitrary JSON object allowing (non-admin) cluster owners to set their parameters (only one of this and 'user_settings_yaml' is allowed), provided they are on the whitelist ('user_settings_whitelist') and not on the blacklist ('user_settings_blacklist'). (This field together with 'user_settings_override*' and 'system_settings' defines the total set of resource settings)","description_kind":"plain","optional":true},"user_settings_override_json":{"type":"string","description":"An arbitrary JSON object allowing ECE admins owners to set clusters' parameters (only one of this and 'user_settings_override_yaml' is allowed), ie in addition to the documented 'system_settings'. (This field together with 'system_settings' and 'user_settings*' defines the total set of resource settings)","description_kind":"plain","optional":true},"user_settings_override_yaml":{"type":"string","description":"An arbitrary YAML object allowing (non-admin) cluster owners to set their parameters (only one of this and 'user_settings_json' is allowed), provided they are on the whitelist ('user_settings_whitelist') and not on the blacklist ('user_settings_blacklist'). (These field together with 'user_settings_override*' and 'system_settings' defines the total set of resource settings)","description_kind":"plain","optional":true},"user_settings_yaml":{"type":"string","description":"An arbitrary YAML object allowing ECE admins owners to set clusters' parameters (only one of this and 'user_settings_override_json' is allowed), ie in addition to the documented 'system_settings'. (This field together with 'system_settings' and 'user_settings*' defines the total set of resource settings)","description_kind":"plain","optional":true}},"description":"Optionally define the Enterprise Search configuration options for the Enterprise Search Server","description_kind":"plain"},"max_items":1},"topology":{"nesting_mode":"list","block":{"attributes":{"instance_configuration_id":{"type":"string","description_kind":"plain","required":true},"memory_per_node":{"type":"string","description_kind":"plain","optional":true},"node_type_appserver":{"type":"bool","description_kind":"plain","optional":true},"node_type_connector":{"type":"bool","description_kind":"plain","optional":true},"node_type_worker":{"type":"bool","description_kind":"plain","optional":true},"zone_count":{"type":"number","description_kind":"plain","optional":true}},"block_types":{"config":{"nesting_mode":"list","block":{"attributes":{"secret_session_key":{"type":"string","description":"Optionally override the secret session key within Enterprise Search - defaults to the previously existing secretSession","description_kind":"plain","computed":true},"user_settings_json":{"type":"string","description":"An arbitrary JSON object allowing (non-admin) cluster owners to set their parameters (only one of this and 'user_settings_yaml' is allowed), provided they are on the whitelist ('user_settings_whitelist') and not on the blacklist ('user_settings_blacklist'). (This field together with 'user_settings_override*' and 'system_settings' defines the total set of resource settings)","description_kind":"plain","optional":true},"user_settings_override_json":{"type":"string","description":"An arbitrary JSON object allowing ECE admins owners to set clusters' parameters (only one of this and 'user_settings_override_yaml' is allowed), ie in addition to the documented 'system_settings'. (This field together with 'system_settings' and 'user_settings*' defines the total set of resource settings)","description_kind":"plain","optional":true},"user_settings_override_yaml":{"type":"string","description":"An arbitrary YAML object allowing (non-admin) cluster owners to set their parameters (only one of this and 'user_settings_json' is allowed), provided they are on the whitelist ('user_settings_whitelist') and not on the blacklist ('user_settings_blacklist'). (These field together with 'user_settings_override*' and 'system_settings' defines the total set of resource settings)","description_kind":"plain","optional":true},"user_settings_yaml":{"type":"string","description":"An arbitrary YAML object allowing ECE admins owners to set clusters' parameters (only one of this and 'user_settings_override_json' is allowed), ie in addition to the documented 'system_settings'. (This field together with 'system_settings' and 'user_settings*' defines the total set of resource settings)","description_kind":"plain","optional":true}},"description":"Optionally define the Enterprise Search configuration options for the Enterprise Search Server","description_kind":"plain"},"max_items":1}},"description_kind":"plain"},"min_items":1}},"description_kind":"plain"},"max_items":1},"kibana":{"nesting_mode":"list","block":{"attributes":{"display_name":{"type":"string","description_kind":"plain","computed":true},"elasticsearch_cluster_ref_id":{"type":"string","description_kind":"plain","optional":true},"http_endpoint":{"type":"string","description_kind":"plain","computed":true},"https_endpoint":{"type":"string","description_kind":"plain","computed":true},"ref_id":{"type":"string","description_kind":"plain","optional":true},"region":{"type":"string","description_kind":"plain","computed":true},"resource_id":{"type":"string","description_kind":"plain","computed":true},"version":{"type":"string","description_kind":"plain","computed":true}},"block_types":{"config":{"nesting_mode":"list","block":{"attributes":{"user_settings_json":{"type":"string","description":"An arbitrary JSON object allowing (non-admin) cluster owners to set their parameters (only one of this and 'user_settings_yaml' is allowed), provided they are on the whitelist ('user_settings_whitelist') and not on the blacklist ('user_settings_blacklist'). (This field together with 'user_settings_override*' and 'system_settings' defines the total set of resource settings)","description_kind":"plain","optional":true},"user_settings_override_json":{"type":"string","description":"An arbitrary JSON object allowing ECE admins owners to set clusters' parameters (only one of this and 'user_settings_override_yaml' is allowed), ie in addition to the documented 'system_settings'. (This field together with 'system_settings' and 'user_settings*' defines the total set of resource settings)","description_kind":"plain","optional":true},"user_settings_override_yaml":{"type":"string","description":"An arbitrary YAML object allowing (non-admin) cluster owners to set their parameters (only one of this and 'user_settings_json' is allowed), provided they are on the whitelist ('user_settings_whitelist') and not on the blacklist ('user_settings_blacklist'). (These field together with 'user_settings_override*' and 'system_settings' defines the total set of resource settings)","description_kind":"plain","optional":true},"user_settings_yaml":{"type":"string","description":"An arbitrary YAML object allowing ECE admins owners to set clusters' parameters (only one of this and 'user_settings_override_json' is allowed), ie in addition to the documented 'system_settings'. (This field together with 'system_settings' and 'user_settings*' defines the total set of resource settings)","description_kind":"plain","optional":true}},"description":"Optionally define the Kibana configuration options for the Kibana Server","description_kind":"plain"},"max_items":1},"topology":{"nesting_mode":"list","block":{"attributes":{"instance_configuration_id":{"type":"string","description_kind":"plain","required":true},"memory_per_node":{"type":"string","description_kind":"plain","optional":true},"node_count_per_zone":{"type":"number","description_kind":"plain","computed":true},"zone_count":{"type":"number","description_kind":"plain","optional":true}},"block_types":{"config":{"nesting_mode":"list","block":{"attributes":{"user_settings_json":{"type":"string","description":"An arbitrary JSON object allowing (non-admin) cluster owners to set their parameters (only one of this and 'user_settings_yaml' is allowed), provided they are on the whitelist ('user_settings_whitelist') and not on the blacklist ('user_settings_blacklist'). (This field together with 'user_settings_override*' and 'system_settings' defines the total set of resource settings)","description_kind":"plain","optional":true},"user_settings_override_json":{"type":"string","description":"An arbitrary JSON object allowing ECE admins owners to set clusters' parameters (only one of this and 'user_settings_override_yaml' is allowed), ie in addition to the documented 'system_settings'. (This field together with 'system_settings' and 'user_settings*' defines the total set of resource settings)","description_kind":"plain","optional":true},"user_settings_override_yaml":{"type":"string","description":"An arbitrary YAML object allowing (non-admin) cluster owners to set their parameters (only one of this and 'user_settings_json' is allowed), provided they are on the whitelist ('user_settings_whitelist') and not on the blacklist ('user_settings_blacklist'). (These field together with 'user_settings_override*' and 'system_settings' defines the total set of resource settings)","description_kind":"plain","optional":true},"user_settings_yaml":{"type":"string","description":"An arbitrary YAML object allowing ECE admins owners to set clusters' parameters (only one of this and 'user_settings_override_json' is allowed), ie in addition to the documented 'system_settings'. (This field together with 'system_settings' and 'user_settings*' defines the total set of resource settings)","description_kind":"plain","optional":true}},"description":"Optionally define the Kibana configuration options for the Kibana Server","description_kind":"plain"},"max_items":1}},"description_kind":"plain"},"min_items":1}},"description_kind":"plain"},"max_items":1},"timeouts":{"nesting_mode":"single","block":{"attributes":{"default":{"type":"string","description_kind":"plain","optional":true},"delete":{"type":"string","description_kind":"plain","optional":true},"update":{"type":"string","description_kind":"plain","optional":true}},"description_kind":"plain"}}},"description_kind":"plain"}}}}}}
