{"format_version":"0.2","provider_schemas":{"registry.terraform.io/alekc/auth0":{"provider":{"version":0,"block":{"attributes":{"client_id":{"type":"string","description_kind":"plain","required":true},"client_secret":{"type":"string","description_kind":"plain","required":true},"debug":{"type":"bool","description_kind":"plain","optional":true},"domain":{"type":"string","description_kind":"plain","required":true}},"description_kind":"plain"}},"resource_schemas":{"auth0_action":{"version":0,"block":{"attributes":{"all_changes_deployed":{"type":"bool","description":"True if all of an Action's contents have been deployed","description_kind":"plain","computed":true},"code":{"type":"string","description":"The source code of the action","description_kind":"plain","required":true},"deploy":{"type":"bool","description":"If set to true, it will deploy the action on every change","description_kind":"plain","optional":true},"id":{"type":"string","description_kind":"plain","optional":true,"computed":true},"name":{"type":"string","description":"Name of the action.","description_kind":"plain","required":true},"status":{"type":"string","description":"The build status of this action","description_kind":"plain","computed":true}},"block_types":{"dependency":{"nesting_mode":"set","block":{"attributes":{"name":{"type":"string","description":"Dependency name","description_kind":"plain","required":true},"version":{"type":"string","description":"Dependency version","description_kind":"plain","optional":true}},"description":"The list of third party npm modules, and their versions, that this action depends on","description_kind":"plain"}},"secret":{"nesting_mode":"list","block":{"attributes":{"name":{"type":"string","description":"Secret name","description_kind":"plain","required":true},"updated_at":{"type":"string","description":"Secret's last update date","description_kind":"plain","computed":true},"value":{"type":"string","description":"Secret Value","description_kind":"plain","optional":true,"sensitive":true}},"description":"The list of secrets that are included in an action or a version of an action","description_kind":"plain"}},"trigger":{"nesting_mode":"list","block":{"attributes":{"id":{"type":"string","description":"Trigger id. Valid options are `post-login`, `credentials-exchange`, `pre-user-registration`, `post-user-registration`, `post-change-password`, `send-phone-message`","description_kind":"plain","required":true},"version":{"type":"string","description":"Trigger version","description_kind":"plain","optional":true}},"description":"The list of triggers that this action supports. At this time, an action can only target a single trigger at a time","description_kind":"plain"},"min_items":1}},"description":"\nActions are secure, tenant-specific, versioned functions written in Node.\njs that execute at certain points during the Auth0 runtime. \n\nActions are used to customize and extend Auth0's capabilities with custom logic.","description_kind":"plain"}},"auth0_branding":{"version":0,"block":{"attributes":{"favicon_url":{"type":"string","description":"URL for the favicon.","description_kind":"plain","optional":true,"computed":true},"id":{"type":"string","description_kind":"plain","optional":true,"computed":true},"logo_url":{"type":"string","description":"URL of logo for branding.","description_kind":"plain","optional":true,"computed":true}},"block_types":{"colors":{"nesting_mode":"list","block":{"attributes":{"page_background":{"type":"string","description":"String, Hexadecimal. Primary button background color.","description_kind":"plain","optional":true,"computed":true},"primary":{"type":"string","description":"String, Hexadecimal. Background color of login pages.","description_kind":"plain","optional":true,"computed":true}},"description":"Configuration settings for colors for branding","description_kind":"plain"},"max_items":1},"font":{"nesting_mode":"list","block":{"attributes":{"url":{"type":"string","description":"URL for the custom font","description_kind":"plain","optional":true,"computed":true}},"description_kind":"plain"},"max_items":1},"universal_login":{"nesting_mode":"list","block":{"attributes":{"body":{"type":"string","description":"body of login pages","description_kind":"plain","optional":true,"computed":true}},"description_kind":"plain"},"max_items":1}},"description":"With Auth0, you can setting logo, color to maintain a consistent service brand. \nThis resource allows you to manage a branding within your Auth0 tenant.","description_kind":"plain"}},"auth0_client":{"version":0,"block":{"attributes":{"allowed_clients":{"type":["list","string"],"description_kind":"plain","optional":true},"allowed_logout_urls":{"type":["list","string"],"description":"URLs that Auth0 may redirect to after logout","description_kind":"plain","optional":true},"allowed_origins":{"type":["list","string"],"description":"URLs that represent valid origins for cross-origin resource sharing. By default, all your callback URLs will be allowed","description_kind":"plain","optional":true},"app_type":{"type":"string","description":"Type of application the client represents. Options include `native`, `spa`, `regular_web`, `non_interactive`, `rms`, `box`, `cloudbees`, `concur`, `dropbox`, `mscrm`, `echosign`, `egnyte`, `newrelic`, `office365`, `salesforce`, `sentry`, `sharepoint`, `slack`, `springcm`, `zendesk`, `zoom`","description_kind":"plain","optional":true},"callbacks":{"type":["list","string"],"description":"RLs that Auth0 may call back to after a user authenticates for the client. Make sure to specify the protocol (https://) otherwise the callback may fail in some cases. With the exception of custom URI schemes for native clients, all callbacks should use protocol https://","description_kind":"plain","optional":true},"client_id":{"type":"string","description_kind":"plain","computed":true},"client_metadata":{"type":["map","string"],"description":"Metadata associated with the client, in the form of an object with string values (max 255 chars). Maximum of 10 metadata properties allowed. Field names (max 255 chars) are alphanumeric and may only include the following special characters: :,-+=_*?\"/\\()\u003c\u003e@ [Tab] [Space]","description_kind":"plain","optional":true},"client_secret":{"type":"string","description":"Secret for the client; keep this private","description_kind":"plain","computed":true,"sensitive":true},"client_secret_rotation_trigger":{"type":["map","string"],"description":"We recommend leaving the `client_secret` parameter unspecified to allow the generation of a safe secret","description_kind":"plain","optional":true},"cross_origin_auth":{"type":"bool","description":"Indicates whether or not the client can be used to make cross-origin authentication requests","description_kind":"plain","optional":true},"cross_origin_loc":{"type":"string","description":"URL for the location on your site where the cross-origin verification takes place for the cross-origin auth flow. Used when performing auth in your own domain instead of through the Auth0-hosted login page","description_kind":"plain","optional":true},"custom_login_page":{"type":"string","description":"Content of the custom login page","description_kind":"plain","optional":true},"custom_login_page_on":{"type":"bool","description":"Indicates whether or not a custom login page is to be used","description_kind":"plain","optional":true,"computed":true},"description":{"type":"string","description":"Description of the purpose of the client (Max length = 140 characters)","description_kind":"plain","optional":true},"encryption_key":{"type":["map","string"],"description":"Encryption used for WsFed responses with this client","description_kind":"plain","optional":true},"form_template":{"type":"string","description":"Form template for WS-Federation protocol","description_kind":"plain","optional":true},"grant_types":{"type":["list","string"],"description":"Types of grants that this client is authorized to use","description_kind":"plain","optional":true,"computed":true},"id":{"type":"string","description_kind":"plain","optional":true,"computed":true},"initiate_login_uri":{"type":"string","description":"Initiate login uri, must be https","description_kind":"plain","optional":true},"is_first_party":{"type":"bool","description":"Indicates whether or not this client is a first-party client","description_kind":"plain","optional":true,"computed":true},"is_token_endpoint_ip_header_trusted":{"type":"bool","description":"Indicates whether or not the token endpoint IP header is trusted","description_kind":"plain","optional":true,"computed":true},"logo_uri":{"type":"string","description":"URL of the logo for the client. Recommended size is 150px x 150px. If none is set, the default badge for the application type will be shown","description_kind":"plain","optional":true},"name":{"type":"string","description":"Name of the client","description_kind":"plain","required":true},"oidc_conformant":{"type":"bool","description":"Indicates whether or not this client will conform to strict OIDC specifications","description_kind":"plain","optional":true,"computed":true},"organization_require_behavior":{"type":"string","description":"Specifies what type of prompt to use when your application requires that users select their organization. Only applicable when ORG_USAGE is require. Options include: `no_prompt`, `pre_login_prompt`","description_kind":"plain","optional":true},"organization_usage":{"type":"string","description":"Dictates whether your application can support users logging into an organization. Options include: `deny`, `allow`, `require`","description_kind":"plain","optional":true},"sso":{"type":"bool","description":"Applies only to SSO clients and determines whether Auth0 will handle Single Sign On (true) or whether the Identity Provider will (false)","description_kind":"plain","optional":true},"sso_disabled":{"type":"bool","description":"Indicates whether or not SSO is disabled","description_kind":"plain","optional":true},"token_endpoint_auth_method":{"type":"string","description":"Defines the requested authentication method for the token endpoint. Options include `none` (public client without a client secret), `client_secret_post` (client uses HTTP POST parameters), `client_secret_basic` (client uses HTTP Basic)","description_kind":"plain","optional":true,"computed":true},"web_origins":{"type":["list","string"],"description":"URLs that represent valid web origins for use with web message response mode","description_kind":"plain","optional":true}},"block_types":{"addons":{"nesting_mode":"list","block":{"attributes":{"aws":{"type":["map","string"],"description_kind":"plain","optional":true},"azure_blob":{"type":["map","string"],"description_kind":"plain","optional":true},"azure_sb":{"type":["map","string"],"description_kind":"plain","optional":true},"box":{"type":["map","string"],"description_kind":"plain","optional":true},"cloudbees":{"type":["map","string"],"description_kind":"plain","optional":true},"concur":{"type":["map","string"],"description_kind":"plain","optional":true},"dropbox":{"type":["map","string"],"description_kind":"plain","optional":true},"echosign":{"type":["map","string"],"description_kind":"plain","optional":true},"egnyte":{"type":["map","string"],"description_kind":"plain","optional":true},"firebase":{"type":["map","string"],"description_kind":"plain","optional":true},"layer":{"type":["map","string"],"description_kind":"plain","optional":true},"mscrm":{"type":["map","string"],"description_kind":"plain","optional":true},"newrelic":{"type":["map","string"],"description_kind":"plain","optional":true},"office365":{"type":["map","string"],"description_kind":"plain","optional":true},"rms":{"type":["map","string"],"description_kind":"plain","optional":true},"salesforce":{"type":["map","string"],"description_kind":"plain","optional":true},"salesforce_api":{"type":["map","string"],"description_kind":"plain","optional":true},"salesforce_sandbox_api":{"type":["map","string"],"description_kind":"plain","optional":true},"sap_api":{"type":["map","string"],"description_kind":"plain","optional":true},"sentry":{"type":["map","string"],"description_kind":"plain","optional":true},"sharepoint":{"type":["map","string"],"description_kind":"plain","optional":true},"slack":{"type":["map","string"],"description_kind":"plain","optional":true},"springcm":{"type":["map","string"],"description_kind":"plain","optional":true},"wams":{"type":["map","string"],"description_kind":"plain","optional":true},"wsfed":{"type":["map","string"],"description_kind":"plain","optional":true},"zendesk":{"type":["map","string"],"description_kind":"plain","optional":true},"zoom":{"type":["map","string"],"description_kind":"plain","optional":true}},"block_types":{"samlp":{"nesting_mode":"list","block":{"attributes":{"audience":{"type":"string","description":"Audience of the SAML Assertion. Default will be the Issuer on SAMLRequest","description_kind":"plain","optional":true},"authn_context_class_ref":{"type":"string","description":"Class reference of the authentication context","description_kind":"plain","optional":true},"binding":{"type":"string","description":"Protocol binding used for SAML logout responses","description_kind":"plain","optional":true},"create_upn_claim":{"type":"bool","description":"Indicates whether or not a UPN claim should be created","description_kind":"plain","optional":true},"destination":{"type":"string","description":"Destination of the SAML Response. If not specified, it will be `AssertionConsumerUrl` of SAMLRequest or `CallbackURL` if there was no SAMLRequest","description_kind":"plain","optional":true},"digest_algorithm":{"type":"string","description":"Algorithm used to calculate the digest of the SAML Assertion or response. Options include `sha1` (default) and `sha256`","description_kind":"plain","optional":true},"include_attribute_name_format":{"type":"bool","description":"Indicates whether or not we should infer the NameFormat based on the attribute name. If set to false, the attribute NameFormat is not set in the assertion","description_kind":"plain","optional":true},"lifetime_in_seconds":{"type":"number","description":"Number of seconds during which the token is valid","description_kind":"plain","optional":true},"map_identities":{"type":"bool","description":"Indicates whether or not to add additional identity information in the token, such as the provider used and the `access_token`, if available","description_kind":"plain","optional":true},"map_unknown_claims_as_is":{"type":"bool","description":"Indicates whether or not to add a prefix of `http://schema.auth0.com` to any claims that are not mapped to the common profile when passed through in the output assertion","description_kind":"plain","optional":true},"mappings":{"type":["map","string"],"description":"Mappings between the Auth0 user profile property name (`name`) and the output attributes on the SAML attribute in the assertion (`value`)","description_kind":"plain","optional":true},"name_identifier_format":{"type":"string","description":"Format of the name identifier","description_kind":"plain","optional":true},"name_identifier_probes":{"type":["list","string"],"description":"Attributes that can be used for Subject/NameID. Auth0 will try each of the attributes of this array in order and use the first value it finds","description_kind":"plain","optional":true},"passthrough_claims_with_no_mapping":{"type":"bool","description":"Indicates whether or not to passthrough claims that are not mapped to the common profile in the output assertion","description_kind":"plain","optional":true},"recipient":{"type":"string","description":"Recipient of the SAML Assertion (SubjectConfirmationData). Default is AssertionConsumerUrl on SAMLRequest or Callback URL if no SAMLRequest was sent","description_kind":"plain","optional":true},"sign_response":{"type":"bool","description":"Indicates whether or not the SAML Response should be signed instead of the SAML Assertion","description_kind":"plain","optional":true},"signature_algorithm":{"type":"string","description":"Algorithm used to sign the SAML Assertion or response. Options include `rsa-sha1` (default) and `rsa-sha256`","description_kind":"plain","optional":true},"signing_cert":{"type":"string","description":"Optionally indicates the public key certificate used to validate SAML requests. If set, SAML requests will be required to be signed. A sample value would be `-----BEGIN PUBLIC KEY-----...-----END PUBLIC KEY-----`","description_kind":"plain","optional":true},"typed_attributes":{"type":"bool","description_kind":"plain","optional":true}},"block_types":{"logout":{"nesting_mode":"list","block":{"attributes":{"callback":{"type":"string","description":"Service provider's Single Logout Service URL, to which Auth0 will send logout requests and responses","description_kind":"plain","optional":true},"slo_enabled":{"type":"bool","description":"Indicates whether or not Auth0 should notify service providers of session termination","description_kind":"plain","optional":true}},"description":"Configuration settings for logout","description_kind":"plain"},"max_items":1}},"description":"Configuration settings for a SAML add-on","description_kind":"plain"},"max_items":1}},"description":"Configuration settings for add-ons for this client","description_kind":"plain"},"max_items":1},"jwt_configuration":{"nesting_mode":"list","block":{"attributes":{"alg":{"type":"string","description":" Algorithm used to sign JWTs","description_kind":"plain","optional":true},"lifetime_in_seconds":{"type":"number","description":"Number of seconds during which the JWT will be valid","description_kind":"plain","optional":true,"computed":true},"scopes":{"type":["map","string"],"description":"Permissions (scopes) included in JWTs","description_kind":"plain","optional":true},"secret_encoded":{"type":"bool","description":"Indicates whether or not the client secret is base64 encoded","description_kind":"plain","optional":true,"computed":true}},"description":"Configuration settings for the JWTs issued for this client","description_kind":"plain"},"max_items":1},"mobile":{"nesting_mode":"list","block":{"block_types":{"android":{"nesting_mode":"list","block":{"attributes":{"app_package_name":{"type":"string","description_kind":"plain","optional":true},"sha256_cert_fingerprints":{"type":["list","string"],"description_kind":"plain","optional":true}},"description":"Android native app configuration","description_kind":"plain"},"max_items":1},"ios":{"nesting_mode":"list","block":{"attributes":{"app_bundle_identifier":{"type":"string","description_kind":"plain","optional":true},"team_id":{"type":"string","description_kind":"plain","optional":true}},"description":"iOS native app configuration","description_kind":"plain"},"max_items":1}},"description":"Additional configuration for native mobile apps.","description_kind":"plain"},"max_items":1},"refresh_token":{"nesting_mode":"list","block":{"attributes":{"expiration_type":{"type":"string","description":"Refresh token expiration types, one of: `expiring`, `non-expiring`","description_kind":"plain","required":true},"idle_token_lifetime":{"type":"number","description":"Period (in seconds) for which refresh tokens will remain valid without use","description_kind":"plain","optional":true},"infinite_idle_token_lifetime":{"type":"bool","description":"Prevents tokens from expiring without use when `true` (takes precedence over `idle_token_lifetime` values)","description_kind":"plain","optional":true},"infinite_token_lifetime":{"type":"bool","description":"Prevents tokens from having a set lifetime when true (takes precedence over token_lifetime values)","description_kind":"plain","optional":true},"leeway":{"type":"number","description":"Period in seconds where the previous refresh token can be exchanged without triggering breach detection","description_kind":"plain","optional":true},"rotation_type":{"type":"string","description":"Refresh token rotation types, one of: `rotating`, `non-rotating`","description_kind":"plain","required":true},"token_lifetime":{"type":"number","description":"Period (in seconds) for which refresh tokens will remain valid","description_kind":"plain","optional":true}},"description":"Configuration settings for the refresh tokens issued for this client","description_kind":"plain"},"max_items":1}},"description":"With this resource, you can set up applications that use Auth0 for authentication and configure \nallowed callback URLs and secrets for these applications. Depending on your plan, you may also configure add-ons to allow \nyour application to call another application's API (such as Firebase and AWS) on behalf of an authenticated user.","description_kind":"plain"}},"auth0_client_grant":{"version":0,"block":{"attributes":{"audience":{"type":"string","description_kind":"plain","required":true},"client_id":{"type":"string","description_kind":"plain","required":true},"id":{"type":"string","description_kind":"plain","optional":true,"computed":true},"scope":{"type":["list","string"],"description_kind":"plain","required":true}},"description":"\nAuth0 uses various grant types, \nor methods by which you grant limited access to your resources to another entity without exposing credentials. \nThe OAuth 2.0 protocol supports several types of grants, which allow different types of access. \nThis resource allows you to create and manage client grants used with configured Auth0 clients.   \n","description_kind":"plain"}},"auth0_connection":{"version":2,"block":{"attributes":{"display_name":{"type":"string","description":"Name used in login screen","description_kind":"plain","optional":true},"enabled_clients":{"type":["set","string"],"description":"IDs of the clients for which the connection is enabled","description_kind":"plain","optional":true,"computed":true},"id":{"type":"string","description_kind":"plain","optional":true,"computed":true},"is_domain_connection":{"type":"bool","description":"Indicates whether or not the connection is domain level","description_kind":"plain","optional":true,"computed":true},"name":{"type":"string","description":"Name of the connection","description_kind":"plain","required":true},"realms":{"type":["list","string"],"description":"Defines the realms for which the connection will be used (i.e., email domains). If not specified, the connection name is added as the realm","description_kind":"plain","optional":true,"computed":true},"strategy":{"type":"string","description":"Type of the connection, which indicates the identity provider. Options include `ad`, `adfs`, `amazon`, `apple`, `dropbox`, `bitbucket`, `aol`,`auth0-adldap`, `auth0-oidc`, `auth0`, `baidu`, `bitly`,`box`, `custom`, `daccount`, `dwolla`, `email`,`evernote-sandbox`, `evernote`, `exact`, `facebook`,`fitbit`, `flickr`, `github`, `google-apps`,`google-oauth2`, `guardian`, `instagram`, `ip`, `linkedin`,`miicard`, `oauth1`, `oauth2`, `office365`, `oidc`, `paypal`,`paypal-sandbox`, `pingfederate`, `planningcenter`,`renren`, `salesforce-community`, `salesforce-sandbox`,`salesforce`, `samlp`, `sharepoint`, `shopify`, `sms`,`soundcloud`, `thecity-sandbox`, `thecity`,`thirtysevensignals`, `twitter`, `untappd`, `vkontakte`,`waad`, `weibo`, `windowslive`, `wordpress`, `yahoo`,`yammer`, `yandex`, `line`","description_kind":"plain","required":true},"strategy_version":{"type":"string","description_kind":"plain","optional":true,"computed":true},"validation":{"type":["map","string"],"description_kind":"plain","optional":true}},"block_types":{"options":{"nesting_mode":"list","block":{"attributes":{"adfs_server":{"type":"string","description_kind":"plain","optional":true},"allowed_audiences":{"type":["set","string"],"description_kind":"plain","optional":true},"api_enable_users":{"type":"bool","description_kind":"plain","optional":true},"app_domain":{"type":"string","description_kind":"plain","deprecated":true,"optional":true},"app_id":{"type":"string","description_kind":"plain","optional":true},"authorization_endpoint":{"type":"string","description_kind":"plain","optional":true},"brute_force_protection":{"type":"bool","description":"Indicates whether or not to enable brute force protection, which will limit the number of signups and failed logins from a suspicious IP address","description_kind":"plain","optional":true,"computed":true},"client_id":{"type":"string","description":"Client ID","description_kind":"plain","optional":true},"client_secret":{"type":"string","description":"App secret","description_kind":"plain","optional":true,"sensitive":true},"community_base_url":{"type":"string","description_kind":"plain","optional":true},"configuration":{"type":["map","string"],"description":"A case-sensitive map of key value pairs used as configuration variables for the `custom_script`","description_kind":"plain","optional":true,"sensitive":true},"custom_scripts":{"type":["map","string"],"description":"Custom database action scripts. For more information, read [Custom Database Action Script Templates](https://auth0.com/docs/connections/database/custom-db/templates)","description_kind":"plain","optional":true},"debug":{"type":"bool","description":"When enabled, additional debug information will be generated.","description_kind":"plain","optional":true},"digest_algorithm":{"type":"string","description":"Sign Request Algorithm Digest","description_kind":"plain","optional":true},"disable_cache":{"type":"bool","description_kind":"plain","optional":true},"disable_signup":{"type":"bool","description":"Indicates whether or not to allow user sign-ups to your application","description_kind":"plain","optional":true},"discovery_url":{"type":"string","description_kind":"plain","optional":true},"domain":{"type":"string","description_kind":"plain","optional":true},"domain_aliases":{"type":["set","string"],"description_kind":"plain","optional":true},"enabled_database_customization":{"type":"bool","description_kind":"plain","optional":true},"fields_map":{"type":["map","string"],"description":"If you're configuring a SAML enterprise connection for a non-standard PingFederate Server, you must update the attribute mappings.","description_kind":"plain","optional":true},"from":{"type":"string","description_kind":"plain","optional":true},"icon_url":{"type":"string","description_kind":"plain","optional":true},"identity_api":{"type":"string","description_kind":"plain","optional":true},"import_mode":{"type":"bool","description":"Indicates whether or not you have a legacy user store and want to gradually migrate those users to the Auth0 user store","description_kind":"plain","optional":true},"ips":{"type":["set","string"],"description_kind":"plain","optional":true},"issuer":{"type":"string","description_kind":"plain","optional":true},"jwks_uri":{"type":"string","description_kind":"plain","optional":true},"key_id":{"type":"string","description":"Apple Key ID","description_kind":"plain","optional":true},"max_groups_to_retrieve":{"type":"string","description_kind":"plain","optional":true},"messaging_service_sid":{"type":"string","description_kind":"plain","optional":true},"metadata_url":{"type":"string","description":"Url of the document for saml connection expressed in xml","description_kind":"plain","optional":true},"metadata_xml":{"type":"string","description":"XML content of the document for saml","description_kind":"plain","optional":true},"name":{"type":"string","description_kind":"plain","optional":true},"non_persistent_attrs":{"type":["set","string"],"description":"If there are user fields that should not be stored in Auth0 databases due to privacy reasons, you can add them to the DenyList here","description_kind":"plain","optional":true,"computed":true},"password_policy":{"type":"string","description":"Indicates level of password strength to enforce during authentication. A strong password policy will make it difficult, if not improbable, for someone to guess a password through either manual or automated means. Options include `none`, `low`, `fair`, `good`, `excellent`","description_kind":"plain","optional":true,"computed":true},"protocol_binding":{"type":"string","description":"The SAML Response Binding: how the SAML token is received by Auth0 from IdP","description_kind":"plain","optional":true},"request_template":{"type":"string","description":"Template that formats the SAML request.","description_kind":"plain","optional":true},"requires_username":{"type":"bool","description":"Indicates whether or not the user is required to provide a username in addition to an email address","description_kind":"plain","optional":true},"scopes":{"type":["set","string"],"description_kind":"plain","optional":true},"scripts":{"type":["map","string"],"description_kind":"plain","optional":true},"set_user_root_attributes":{"type":"string","description":"Determines whether the 'name', 'given_name', 'family_name', 'nickname', and 'picture' attributes can be independently updated when using an external IdP. Possible values are 'on_each_login' (default value, it configures the connection to automatically update the root attributes from the external IdP with each user login. When this setting is used, root attributes cannot be independently updated), 'on_first_login' (configures the connection to only set the root attributes on first login, allowing them to be independently updated thereafter)","description_kind":"plain","optional":true,"computed":true},"should_trust_email_verified_connection":{"type":"string","description":"Choose how Auth0 sets the email_verified field in the user profile.","description_kind":"plain","optional":true},"sign_in_endpoint":{"type":"string","description":"SAML single login URL for the connection.","description_kind":"plain","optional":true},"sign_out_endpoint":{"type":"string","description":"SAML single logout URL for the connection.","description_kind":"plain","optional":true},"sign_saml_request":{"type":"bool","description":"When enabled, the SAML authentication request will be signed.","description_kind":"plain","optional":true},"signature_algorithm":{"type":"string","description":"Sign Request Algorithm","description_kind":"plain","optional":true},"signing_cert":{"type":"string","description":"X.509 signing certificate (encoded in PEM or CER) you retrieved from the IdP, Base64-encoded","description_kind":"plain","optional":true},"strategy_version":{"type":"number","description_kind":"plain","optional":true,"computed":true},"subject":{"type":"string","description_kind":"plain","optional":true},"syntax":{"type":"string","description_kind":"plain","optional":true},"team_id":{"type":"string","description":"Apple Team ID","description_kind":"plain","optional":true},"template":{"type":"string","description_kind":"plain","optional":true},"tenant_domain":{"type":"string","description_kind":"plain","optional":true},"token_endpoint":{"type":"string","description_kind":"plain","optional":true},"twilio_sid":{"type":"string","description_kind":"plain","optional":true},"twilio_token":{"type":"string","description_kind":"plain","optional":true,"sensitive":true},"type":{"type":"string","description_kind":"plain","optional":true},"use_cert_auth":{"type":"bool","description_kind":"plain","optional":true},"use_kerberos":{"type":"bool","description_kind":"plain","optional":true},"use_wsfed":{"type":"bool","description_kind":"plain","optional":true},"user_id_attribute":{"type":"string","description":"Attribute in the SAML token that will be mapped to the user_id property in Auth0.","description_kind":"plain","optional":true},"userinfo_endpoint":{"type":"string","description_kind":"plain","optional":true},"waad_common_endpoint":{"type":"bool","description_kind":"plain","optional":true},"waad_protocol":{"type":"string","description_kind":"plain","optional":true}},"block_types":{"idp_initiated":{"nesting_mode":"list","block":{"attributes":{"client_authorize_query":{"type":"string","description_kind":"plain","optional":true},"client_id":{"type":"string","description_kind":"plain","optional":true},"client_protocol":{"type":"string","description_kind":"plain","optional":true}},"description_kind":"plain"},"max_items":1},"mfa":{"nesting_mode":"list","block":{"attributes":{"active":{"type":"bool","description_kind":"plain","optional":true},"return_enroll_settings":{"type":"bool","description_kind":"plain","optional":true}},"description_kind":"plain"},"max_items":1},"password_complexity_options":{"nesting_mode":"list","block":{"attributes":{"min_length":{"type":"number","description_kind":"plain","optional":true}},"description":"Configuration settings for password complexity","description_kind":"plain"},"max_items":1},"password_dictionary":{"nesting_mode":"list","block":{"attributes":{"dictionary":{"type":["set","string"],"description_kind":"plain","optional":true},"enable":{"type":"bool","description_kind":"plain","optional":true}},"description":"Configuration settings for the password dictionary check, which does not allow passwords that are part of the password dictionary","description_kind":"plain"},"max_items":1},"password_history":{"nesting_mode":"list","block":{"attributes":{"enable":{"type":"bool","description_kind":"plain","optional":true},"size":{"type":"number","description_kind":"plain","optional":true}},"description":"Configuration settings for the password history that is maintained for each user to prevent the reuse of passwords","description_kind":"plain"}},"password_no_personal_info":{"nesting_mode":"list","block":{"attributes":{"enable":{"type":"bool","description_kind":"plain","optional":true}},"description":"Configuration settings for the password personal info check, which does not allow passwords that contain any part of the user's personal data, including user's name, username, nickname, user_metadata.name, user_metadata.first, user_metadata.last, user's email, or firstpart of the user's email","description_kind":"plain"},"max_items":1},"totp":{"nesting_mode":"list","block":{"attributes":{"length":{"type":"number","description_kind":"plain","optional":true},"time_step":{"type":"number","description_kind":"plain","optional":true}},"description_kind":"plain"},"max_items":1},"validation":{"nesting_mode":"list","block":{"block_types":{"username":{"nesting_mode":"list","block":{"attributes":{"max":{"type":"number","description_kind":"plain","optional":true},"min":{"type":"number","description_kind":"plain","optional":true}},"description":"Specifies the min and max values of username length","description_kind":"plain"},"max_items":1}},"description":"Validation of the minimum and maximum values allowed for a user to have as username","description_kind":"plain"},"max_items":1}},"description":"Configuration settings for connection options","description_kind":"plain"},"min_items":1,"max_items":1}},"description":"\nWith Auth0, you can define sources of users, otherwise known as connections, \nwhich may include identity providers (such as Google or LinkedIn), databases, \nor passwordless authentication methods. This resource allows you to configure and manage connections to be used with\nyour clients and users.\n","description_kind":"plain"}},"auth0_custom_domain":{"version":0,"block":{"attributes":{"domain":{"type":"string","description":"Name of the custom domain","description_kind":"plain","required":true},"id":{"type":"string","description_kind":"plain","optional":true,"computed":true},"primary":{"type":"bool","description":"Indicates whether or not this is a primary domain","description_kind":"plain","computed":true},"status":{"type":"string","description":"Configuration status for the custom domain. Options include `disabled`, `pending`, `pending_verification`, and `ready`","description_kind":"plain","computed":true},"type":{"type":"string","description":"Provisioning type for the custom domain. Valid options are: auth0_managed_certs, self_managed_certs","description_kind":"plain","required":true},"verification":{"type":["list",["object",{"methods":["list",["map","string"]]}]],"description":"Configuration settings for verification","description_kind":"plain","computed":true},"verification_method":{"type":"string","description":"Domain verification method. Options include `txt`","description_kind":"plain","required":true}},"description":"With Auth0, you can use a custom domain to maintain a consistent user experience. \nThis resource allows you to create and manage a custom domain within your Auth0 tenant.","description_kind":"plain"}},"auth0_email":{"version":0,"block":{"attributes":{"default_from_address":{"type":"string","description":"Email address to use as `from` when no other address specified","description_kind":"plain","required":true},"enabled":{"type":"bool","description":"Whether the provider is enabled (`true`) or disabled (`false`)","description_kind":"plain","optional":true},"id":{"type":"string","description_kind":"plain","optional":true,"computed":true}},"block_types":{"mailgun":{"nesting_mode":"list","block":{"attributes":{"api_key":{"type":"string","description":"API Key","description_kind":"plain","required":true,"sensitive":true},"domain":{"type":"string","description":"Your Domain registered with Mailgun","description_kind":"plain","required":true},"region":{"type":"string","description":"Mailgun region. If set must be `eu`","description_kind":"plain","optional":true}},"description":"Configuration for the mailgun email integration","description_kind":"plain"},"max_items":1},"mandrill":{"nesting_mode":"list","block":{"attributes":{"api_key":{"type":"string","description":"API Key","description_kind":"plain","required":true,"sensitive":true}},"description":"Configuration for the mandrill email integration","description_kind":"plain"},"max_items":1},"sendgrid":{"nesting_mode":"list","block":{"attributes":{"api_key":{"type":"string","description":"API Key","description_kind":"plain","required":true,"sensitive":true}},"description":"Configuration for the sendgrid email integration","description_kind":"plain"},"max_items":1},"ses":{"nesting_mode":"list","block":{"attributes":{"access_key_id":{"type":"string","description":"Access key ID","description_kind":"plain","required":true,"sensitive":true},"region":{"type":"string","description":"Ses region","description_kind":"plain","required":true},"secret_access_key":{"type":"string","description":"Secret Access key. It's not advisable to store it in clear","description_kind":"plain","required":true,"sensitive":true}},"description":"Configuration for the Aws ses email integration","description_kind":"plain"},"max_items":1},"smtp":{"nesting_mode":"list","block":{"attributes":{"host":{"type":"string","description":"SMTP Host","description_kind":"plain","required":true},"pass":{"type":"string","description_kind":"plain","required":true,"sensitive":true},"port":{"type":"number","description_kind":"plain","required":true},"user":{"type":"string","description_kind":"plain","required":true}},"description":"Configuration for the generic SMTP email integration","description_kind":"plain"},"max_items":1},"sparkpost":{"nesting_mode":"list","block":{"attributes":{"api_key":{"type":"string","description":"API Key","description_kind":"plain","required":true,"sensitive":true},"region":{"type":"string","description":"Sparkpost region. If set must be `eu`","description_kind":"plain","optional":true}},"description":"Configuration for the sparkpost email integration","description_kind":"plain"},"max_items":1}},"description":"\nWith Auth0, you can have standard welcome, password reset, \nand account verification email-based workflows built right into Auth0. \nThis resource allows you to configure email providers so you can route all emails that are part of Auth0's\nauthentication workflows through the supported high-volume email service of your choice.","description_kind":"plain"}},"auth0_email_template":{"version":0,"block":{"attributes":{"body":{"type":"string","description":"Body of the email template. You can include [common variables](https://auth0.com/docs/email/templates#common-variables)","description_kind":"plain","required":true},"enabled":{"type":"bool","description":"Indicates whether or not the template is enabled","description_kind":"plain","required":true},"from":{"type":"string","description":"Email address to use as the sender. You can include [common variables](https://auth0.com/docs/email/templates#common-variables)","description_kind":"plain","required":true},"id":{"type":"string","description_kind":"plain","optional":true,"computed":true},"result_url":{"type":"string","description":"URL to redirect the user to after a successful action. [Learn more](https://auth0.com/docs/email/templates#configuring-the-redirect-to-url)","description_kind":"plain","optional":true},"subject":{"type":"string","description":"Subject line of the email. You can include [common variables](https://auth0.com/docs/email/templates#common-variables)","description_kind":"plain","required":true},"syntax":{"type":"string","description":"Syntax of the template body. You can use either text or HTML + Liquid syntax","description_kind":"plain","required":true},"template":{"type":"string","description":"Template name. Options include `verify_email`, `verify_email_by_code`, `reset_email`, `welcome_email`, `blocked_account`, `stolen_credentials`, `enrollment_email`, `mfa_oob_code`, `change_password`, `user_invitation` (legacy), and `password_reset` (legacy)","description_kind":"plain","required":true},"url_lifetime_in_seconds":{"type":"number","description":"Number of seconds during which the link within the email will be valid","description_kind":"plain","optional":true}},"description":"With Auth0, you can have standard welcome, password reset, \nand account verification email-based workflows built right into Auth0. \n\nThis resource allows you to configure email templates to customize the look, feel, \nand sender identities of emails sent by Auth0. Used in conjunction with configured email providers.","description_kind":"plain"}},"auth0_flow":{"version":0,"block":{"attributes":{"id":{"type":"string","description_kind":"plain","optional":true,"computed":true},"trigger_id":{"type":"string","description":"Execution stage of this rule. Can be post-login, credentials-exchange, pre-user-registration, post-user-registration, post-change-password, or send-phone-message","description_kind":"plain","required":true}},"block_types":{"action":{"nesting_mode":"list","block":{"attributes":{"display_name":{"type":"string","description":"How will the action be displayed on dashboard ui","description_kind":"plain","optional":true},"id":{"type":"string","description":"Action ID. Either id or name must be specified (if both, id has priority)","description_kind":"plain","optional":true,"computed":true},"name":{"type":"string","description":"Action name. Either id or name must be specified (if both, id has priority)","description_kind":"plain","optional":true,"computed":true}},"description":"The list of triggers that this action supports. At this time, an action can only target a single trigger at a time","description_kind":"plain"}}},"description":"\nUpdate the actions that are bound (i.e. attached) to a trigger. Once an action is created and deployed, it must be\nattached (i.e. bound) to a trigger so that it will be executed as part of a flow.\n\nThe order in which the actions are provided will determine the order in which they are executed.\n","description_kind":"plain"}},"auth0_guardian":{"version":0,"block":{"attributes":{"id":{"type":"string","description_kind":"plain","optional":true,"computed":true},"policy":{"type":"string","description_kind":"plain","required":true}},"block_types":{"phone":{"nesting_mode":"list","block":{"attributes":{"message_types":{"type":["list","string"],"description_kind":"plain","required":true},"provider":{"type":"string","description_kind":"plain","required":true}},"block_types":{"options":{"nesting_mode":"list","block":{"attributes":{"auth_token":{"type":"string","description_kind":"plain","optional":true,"sensitive":true},"enrollment_message":{"type":"string","description_kind":"plain","optional":true},"from":{"type":"string","description_kind":"plain","optional":true},"messaging_service_sid":{"type":"string","description_kind":"plain","optional":true},"sid":{"type":"string","description_kind":"plain","optional":true},"verification_message":{"type":"string","description_kind":"plain","optional":true}},"description_kind":"plain"},"max_items":1}},"description_kind":"plain"},"max_items":1}},"description":"Multi-factor Authentication works by requiring additional factors during the login process to\nprevent unauthorized access. \n\nWith this resource you can configure some of the options available for MFA.","description_kind":"plain"}},"auth0_hook":{"version":0,"block":{"attributes":{"dependencies":{"type":["map","string"],"description":"Dependencies of this hook used by webtask server","description_kind":"plain","optional":true},"enabled":{"type":"bool","description":"Whether the hook is enabled, or disabled","description_kind":"plain","optional":true,"computed":true},"id":{"type":"string","description_kind":"plain","optional":true,"computed":true},"name":{"type":"string","description":"Name of this hook","description_kind":"plain","required":true},"script":{"type":"string","description":"Code to be executed when this hook runs","description_kind":"plain","required":true},"secrets":{"type":["map","string"],"description":"The secrets associated with the hook","description_kind":"plain","optional":true},"trigger_id":{"type":"string","description":"Execution stage of this rule. Can be credentials-exchange, pre-user-registration, post-user-registration, post-change-password, or send-phone-message","description_kind":"plain","required":true}},"description":"\nHooks are secure, self-contained functions that allow you to customize the behavior of Auth0 when executed for selected\nextensibility points of the Auth0 platform. Auth0 invokes Hooks during runtime to execute your custom Node.js code.\n\nDepending on the extensibility point, you can use Hooks with Database Connections and/or Passwordless Connections.\n","description_kind":"plain"}},"auth0_log_stream":{"version":0,"block":{"attributes":{"id":{"type":"string","description_kind":"plain","optional":true,"computed":true},"name":{"type":"string","description_kind":"plain","required":true},"status":{"type":"string","description":"Status of the LogStream","description_kind":"plain","optional":true,"computed":true},"type":{"type":"string","description":"Type of the log stream, which indicates the sink provider","description_kind":"plain","required":true}},"block_types":{"sink":{"nesting_mode":"list","block":{"attributes":{"aws_account_id":{"type":"string","description":"The AWS Account ID","description_kind":"plain","optional":true},"aws_partner_event_source":{"type":"string","description":"Name of the Partner Event Source to be used with AWS. Generally generated by Auth0 and passed to AWS so this should generally be an output attribute.","description_kind":"plain","optional":true,"computed":true},"aws_region":{"type":"string","description":"The AWS Region","description_kind":"plain","optional":true},"azure_partner_topic":{"type":"string","description":"Name of the Partner Topic to be used with Azure.  Generally should not be specified.","description_kind":"plain","optional":true,"computed":true},"azure_region":{"type":"string","description":"The Azure region code","description_kind":"plain","optional":true},"azure_resource_group":{"type":"string","description":"The Azure EventGrid resource group which allows you to manage all Azure assets within one subscription","description_kind":"plain","optional":true},"azure_subscription_id":{"type":"string","description":"The unique alphanumeric string that identifies your Azure subscription","description_kind":"plain","optional":true},"datadog_api_key":{"type":"string","description":"The Datadog API key","description_kind":"plain","optional":true,"sensitive":true},"datadog_region":{"type":"string","description":"The Datadog region. Must be one of `eu` or `us`","description_kind":"plain","optional":true,"sensitive":true},"http_authorization":{"type":"string","description":"Sent in the HTTP `Authorization` header with each request","description_kind":"plain","optional":true,"sensitive":true},"http_content_format":{"type":"string","description":"HTTP Content Format can be `JSONLINES`, `JSONARRAY` or `JSONOBJECT`","description_kind":"plain","optional":true},"http_content_type":{"type":"string","description":"The ContentType header to send over HTTP.  Common value is `application/json`","description_kind":"plain","optional":true},"http_custom_headers":{"type":["set","string"],"description":"Additional HTTP headers to be included as part of the HTTP request","description_kind":"plain","optional":true},"http_endpoint":{"type":"string","description":"The HTTP endpoint to send streaming logs","description_kind":"plain","optional":true},"splunk_domain":{"type":"string","description":"The Splunk domain name","description_kind":"plain","optional":true},"splunk_port":{"type":"string","description_kind":"plain","optional":true},"splunk_secure":{"type":"bool","description":"This toggle should be turned off when using self-signed certificates","description_kind":"plain","optional":true},"splunk_token":{"type":"string","description":"The Splunk access token","description_kind":"plain","optional":true,"sensitive":true},"sumo_source_address":{"type":"string","description":"Generated URL for your defined HTTP source in Sumo Logic for collecting streaming data from Auth0","description_kind":"plain","optional":true}},"description_kind":"plain"},"min_items":1,"max_items":1}},"description":"With this resource, you can manage your Auth0 log streams","description_kind":"plain"}},"auth0_prompt":{"version":0,"block":{"attributes":{"id":{"type":"string","description_kind":"plain","optional":true,"computed":true},"identifier_first":{"type":"bool","description":"Whether identifier first is enabled or not","description_kind":"plain","optional":true},"universal_login_experience":{"type":"string","description":"Which login experience to use. Options include `classic` and `new`","description_kind":"plain","optional":true}},"description":"With this resource, you can manage your Auth0 prompts, \nincluding choosing the login experience version","description_kind":"plain"}},"auth0_resource_server":{"version":0,"block":{"attributes":{"allow_offline_access":{"type":"bool","description":"Indicates whether or not refresh tokens can be issued for this resource server","description_kind":"plain","optional":true},"enforce_policies":{"type":"bool","description":"Indicates whether or not authorization polices are enforced","description_kind":"plain","optional":true},"id":{"type":"string","description_kind":"plain","optional":true,"computed":true},"identifier":{"type":"string","description":"Unique identifier for the resource server. Used as the audience parameter for authorization calls. Can not be changed once set","description_kind":"plain","optional":true},"name":{"type":"string","description":"Friendly name for the resource server. Cannot include `\u003c` or `\u003e` characters","description_kind":"plain","optional":true},"options":{"type":["map","string"],"description":"Used to store additional metadata","description_kind":"plain","optional":true},"signing_alg":{"type":"string","description":"Algorithm used to sign JWTs. Options include `HS256` and `RS256`","description_kind":"plain","optional":true,"computed":true},"signing_secret":{"type":"string","description":"Secret used to sign tokens when using symmetric algorithms (HS256)","description_kind":"plain","optional":true,"computed":true},"skip_consent_for_verifiable_first_party_clients":{"type":"bool","description":"Indicates whether or not to skip user consent for applications flagged as first party","description_kind":"plain","optional":true},"token_dialect":{"type":"string","description":"Dialect of access tokens that should be issued for this resource server. Options include `access_token` or `access_token_authz` (includes permissions)","description_kind":"plain","optional":true},"token_lifetime":{"type":"number","description":"Number of seconds during which access tokens issued for this resource server from the token endpoint remain valid","description_kind":"plain","optional":true,"computed":true},"token_lifetime_for_web":{"type":"number","description":"Number of seconds during which access tokens issued for this resource server via implicit or hybrid flows remain valid. Cannot be greater than the `token_lifetime` value","description_kind":"plain","optional":true,"computed":true},"verification_location":{"type":"string","description_kind":"plain","optional":true}},"block_types":{"scopes":{"nesting_mode":"set","block":{"attributes":{"description":{"type":"string","description":"Description of the permission (scope)","description_kind":"plain","optional":true},"value":{"type":"string","description":"Name of the permission (scope). Examples include `read:appointments` or `delete:appointments`","description_kind":"plain","required":true}},"description":"List of permissions (scopes) used by this resource server","description_kind":"plain"}}},"description":"With this resource, you can set up APIs that can be consumed from your authorized applications","description_kind":"plain"}},"auth0_role":{"version":0,"block":{"attributes":{"description":{"type":"string","description":"Role's description","description_kind":"plain","optional":true},"id":{"type":"string","description_kind":"plain","optional":true,"computed":true},"name":{"type":"string","description":"Name for this role","description_kind":"plain","required":true}},"block_types":{"permissions":{"nesting_mode":"set","block":{"attributes":{"name":{"type":"string","description":"Name of the permission (scope)","description_kind":"plain","required":true},"resource_server_identifier":{"type":"string","description":"Unique identifier for the resource server","description_kind":"plain","required":true}},"description":"Configuration settings for permissions (scopes) attached to the role","description_kind":"plain"}}},"description":"With this resource, you can created and manage collections of permissions that can be assigned to users, which are otherwise known as roles. Permissions (scopes) are created on auth0_resource_server, then associated with roles and optionally, users using this resource","description_kind":"plain"}},"auth0_rule":{"version":0,"block":{"attributes":{"enabled":{"type":"bool","description":"Indicates whether the rule is enabled","description_kind":"plain","optional":true},"id":{"type":"string","description_kind":"plain","optional":true,"computed":true},"name":{"type":"string","description":"Name of the rule. May only contain alphanumeric characters, spaces, and hyphens. May neither start nor end with hyphens or spaces","description_kind":"plain","required":true},"order":{"type":"number","description":"Order in which the rule executes relative to other rules. Lower-valued rules execute first","description_kind":"plain","optional":true,"computed":true},"script":{"type":"string","description":"Code to be executed when the rule runs","description_kind":"plain","required":true}},"description":"\nWith Auth0, you can create custom Javascript snippets that run in a secure, \nisolated sandbox as part of your authentication pipeline, which are otherwise known as rules.\n\nThis resource allows you to create and manage rules.\n\nYou can create global variable for use with rules by using the auth0_rule_config resource.","description_kind":"plain"}},"auth0_rule_config":{"version":0,"block":{"attributes":{"id":{"type":"string","description_kind":"plain","optional":true,"computed":true},"key":{"type":"string","description":"Key for a rules configuration variable","description_kind":"plain","required":true},"value":{"type":"string","description":"Case-sensitive. Value for a rules configuration variable","description_kind":"plain","required":true,"sensitive":true}},"description":"With Auth0, you can create custom Javascript snippets that run in a secure, isolated sandbox as part of your authentication pipeline, which are otherwise known as rules. This resource allows you to create and manage variables that are available to all rules via Auth0's global configuration object. Used in conjunction with configured rules","description_kind":"plain"}},"auth0_tenant":{"version":0,"block":{"attributes":{"allowed_logout_urls":{"type":["list","string"],"description":"URLs that Auth0 may redirect to after logout","description_kind":"plain","optional":true,"computed":true},"default_audience":{"type":"string","description_kind":"plain","optional":true,"computed":true},"default_directory":{"type":"string","description":"Name of the connection to be used for Password Grant exchanges. Options include `auth0-adldap`, `ad`, `auth0`, `email`, `sms`, `waad`, and `adfs`","description_kind":"plain","optional":true,"computed":true},"default_redirection_uri":{"type":"string","description_kind":"plain","optional":true,"computed":true},"enabled_locales":{"type":["list","string"],"description":"Supported locales for the user interface. The first locale in the list will be used to set the default locale","description_kind":"plain","optional":true,"computed":true},"friendly_name":{"type":"string","description":"Friendly name for the tenant","description_kind":"plain","optional":true,"computed":true},"id":{"type":"string","description_kind":"plain","optional":true,"computed":true},"idle_session_lifetime":{"type":"number","description":"Number of hours during which a session can be inactive before the user must log in again","description_kind":"plain","optional":true,"computed":true},"picture_url":{"type":"string","description":"String URL of logo to be shown for the tenant. Recommended size is 150px x 150px. If no URL is provided, the Auth0 logo will be used","description_kind":"plain","optional":true,"computed":true},"sandbox_version":{"type":"string","description":"Selected sandbox version for the extensibility environment, which allows you to use custom scripts to extend parts of Auth0's functionality","description_kind":"plain","optional":true,"computed":true},"session_lifetime":{"type":"number","description":"Number of hours during which a session will stay valid","description_kind":"plain","optional":true,"computed":true},"support_email":{"type":"string","description":"Support email address for authenticating users","description_kind":"plain","optional":true,"computed":true},"support_url":{"type":"string","description":"Support URL for authenticating users","description_kind":"plain","optional":true,"computed":true}},"block_types":{"change_password":{"nesting_mode":"list","block":{"attributes":{"enabled":{"type":"bool","description":"Indicates whether or not to use the custom change password page","description_kind":"plain","required":true},"html":{"type":"string","description":"HTML format with supported Liquid syntax. Customized content of the change password page","description_kind":"plain","required":true}},"description":"Configuration settings for change password page","description_kind":"plain"},"max_items":1},"error_page":{"nesting_mode":"list","block":{"attributes":{"html":{"type":"string","description":"HTML format with supported Liquid syntax. Customized content of the error page","description_kind":"plain","required":true},"show_log_link":{"type":"bool","description":"Indicates whether or not to show the link to logs as part of the default error page","description_kind":"plain","required":true},"url":{"type":"string","description":"URL to redirect to when an error occurs rather than showing the default error page","description_kind":"plain","required":true}},"description":"Configuration settings for error pages","description_kind":"plain"},"max_items":1},"flags":{"nesting_mode":"list","block":{"attributes":{"change_pwd_flow_v1":{"type":"bool","description":"Indicates whether or not to use the older v1 change password flow. Not recommended except for backward compatibility","description_kind":"plain","optional":true,"computed":true},"disable_clickjack_protection_headers":{"type":"bool","description":"Indicated whether or not classic Universal Login prompts include additional security headers to prevent clickjacking","description_kind":"plain","optional":true,"computed":true},"enable_apis_section":{"type":"bool","description":"Indicates whether or not the APIs section is enabled for the tenant","description_kind":"plain","optional":true,"computed":true},"enable_client_connections":{"type":"bool","description":"Indicates whether or not all current connections should be enabled when a new client is created","description_kind":"plain","optional":true,"computed":true},"enable_custom_domain_in_emails":{"type":"bool","description":"Indicates whether or not the tenant allows custom domains in emails","description_kind":"plain","optional":true,"computed":true},"enable_dynamic_client_registration":{"type":"bool","description":"Indicates whether or not the tenant allows dynamic client registration","description_kind":"plain","optional":true,"computed":true},"enable_legacy_logs_search_v2":{"type":"bool","description":"Indicates whether or not to use the older v2 legacy logs search","description_kind":"plain","optional":true,"computed":true},"enable_pipeline2":{"type":"bool","description":"Indicates whether or not advanced API Authorization scenarios are enabled","description_kind":"plain","optional":true,"computed":true},"enable_public_signup_user_exists_error":{"type":"bool","description":"Indicates whether or not the public sign up process shows a user_exists error if the user already exists","description_kind":"plain","optional":true,"computed":true},"universal_login":{"type":"bool","description":"Indicates whether or not the tenant uses universal login","description_kind":"plain","optional":true,"computed":true},"use_scope_descriptions_for_consent":{"type":"bool","description_kind":"plain","optional":true,"computed":true}},"description":"Configuration settings for tenant flags","description_kind":"plain"},"max_items":1},"guardian_mfa_page":{"nesting_mode":"list","block":{"attributes":{"enabled":{"type":"bool","description":"Indicates whether or not to use the custom change password page","description_kind":"plain","required":true},"html":{"type":"string","description":"HTML format with supported Liquid syntax. Customized content of the change password page","description_kind":"plain","required":true}},"description":"Configuration settings for the Guardian MFA page","description_kind":"plain"},"max_items":1},"universal_login":{"nesting_mode":"list","block":{"block_types":{"colors":{"nesting_mode":"list","block":{"attributes":{"page_background":{"type":"string","description_kind":"plain","optional":true,"computed":true},"primary":{"type":"string","description_kind":"plain","optional":true,"computed":true}},"description_kind":"plain"},"max_items":1}},"description_kind":"plain"},"max_items":1}},"description":"\nWith this resource, you can manage Auth0 tenants, including setting logos and support contact information, setting error pages, and configuring default tenant behaviors.\n\n~\u003e Auth0 does not currently support creating tenants through the Management API. Therefore this resource can only manage an existing tenant created through the Auth0 dashboard.\n\nAuth0 does not currently support adding/removing extensions on tenants through their API. The Auth0 dashboard must be used to add/remove extensions.\n","description_kind":"plain"}},"auth0_user":{"version":0,"block":{"attributes":{"app_metadata":{"type":"string","description_kind":"plain","optional":true},"blocked":{"type":"bool","description_kind":"plain","optional":true},"connection_name":{"type":"string","description_kind":"plain","required":true},"email":{"type":"string","description_kind":"plain","optional":true},"email_verified":{"type":"bool","description_kind":"plain","optional":true},"family_name":{"type":"string","description_kind":"plain","optional":true},"given_name":{"type":"string","description_kind":"plain","optional":true},"id":{"type":"string","description_kind":"plain","optional":true,"computed":true},"name":{"type":"string","description_kind":"plain","optional":true,"computed":true},"nickname":{"type":"string","description_kind":"plain","optional":true,"computed":true},"password":{"type":"string","description_kind":"plain","optional":true,"sensitive":true},"phone_number":{"type":"string","description_kind":"plain","optional":true},"phone_verified":{"type":"bool","description_kind":"plain","optional":true},"picture":{"type":"string","description_kind":"plain","optional":true,"computed":true},"roles":{"type":["set","string"],"description_kind":"plain","optional":true},"user_id":{"type":"string","description_kind":"plain","optional":true,"computed":true},"user_metadata":{"type":"string","description_kind":"plain","optional":true},"username":{"type":"string","description_kind":"plain","optional":true},"verify_email":{"type":"bool","description_kind":"plain","optional":true}},"description":"With this resource, you can manage user identities, including resetting passwords, and creating, provisioning, blocking, and deleting users","description_kind":"plain"}}}}}}
