{"format_version":"0.2","provider_schemas":{"registry.terraform.io/alexissavin/solidserver":{"provider":{"version":0,"block":{"attributes":{"additional_trust_certs_file":{"type":"string","description":"PEM formatted file with additional certificates to trust for TLS connection","description_kind":"plain","optional":true},"host":{"type":"string","description":"SOLIDServer Hostname or IP address","description_kind":"plain","required":true},"password":{"type":"string","description":"SOLIDServer API user's password","description_kind":"plain","required":true},"solidserverversion":{"type":"string","description":"SOLIDServer Version in case API user does not have admin permissions","description_kind":"plain","optional":true},"sslverify":{"type":"bool","description":"Enable/Disable ssl verify (Default : enabled)","description_kind":"plain","optional":true},"username":{"type":"string","description":"SOLIDServer API user's ID","description_kind":"plain","required":true}},"description_kind":"plain"}},"resource_schemas":{"solidserver_app_application":{"version":0,"block":{"attributes":{"class":{"type":"string","description":"The class associated to the application.","description_kind":"plain","optional":true},"class_parameters":{"type":["map","string"],"description":"The class parameters associated to application.","description_kind":"plain","optional":true},"fqdn":{"type":"string","description":"The Fully Qualified Domain Name of the application to create.","description_kind":"plain","required":true},"gslb_members":{"type":["list","string"],"description":"The names of the GSLB servers applying the application traffic policy.","description_kind":"plain","required":true},"id":{"type":"string","description_kind":"plain","optional":true,"computed":true},"name":{"type":"string","description":"The name of the application to create.","description_kind":"plain","required":true}},"description_kind":"plain"}},"solidserver_app_node":{"version":0,"block":{"attributes":{"address":{"type":"string","description":"The IP address (IPv4 or IPv6 depending on the node) of the application node to create.","description_kind":"plain","optional":true},"application":{"type":"string","description":"The name of the application associated to the node.","description_kind":"plain","required":true},"failback_threshold":{"type":"number","description":"The healthcheck failback threshold for the application node to create (Supported: 1-10; Default: 3).","description_kind":"plain","optional":true},"failure_threshold":{"type":"number","description":"The healthcheck failure threshold for the application node to create (Supported: 1-10; Default: 3).","description_kind":"plain","optional":true},"fqdn":{"type":"string","description":"The fqdn of the application associated to the node.","description_kind":"plain","required":true},"healthcheck":{"type":"string","description":"The healthcheck name for the application node to create (Supported: ok,ping,tcp,http; Default: ok).","description_kind":"plain","optional":true},"healthcheck_frequency":{"type":"number","description":"The healthcheck frequency in second for the application node to create (Supported: 10,30,60,300; Default: 60).","description_kind":"plain","optional":true},"healthcheck_parameters":{"type":["map","string"],"description":"The healthcheck parameters.","description_kind":"plain","optional":true},"healthcheck_timeout":{"type":"number","description":"The healthcheck timeout in second for the application node to create (Supported: 1-10; Default: 3).","description_kind":"plain","optional":true},"id":{"type":"string","description_kind":"plain","optional":true,"computed":true},"name":{"type":"string","description":"The name of the application node to create.","description_kind":"plain","required":true},"pool":{"type":"string","description":"The name of the application pool associated to the node.","description_kind":"plain","required":true},"weight":{"type":"number","description":"The weight of the application node to create.","description_kind":"plain","optional":true}},"description_kind":"plain"}},"solidserver_app_pool":{"version":0,"block":{"attributes":{"affinity":{"type":"bool","description":"Enable session affinity for the application pool.","description_kind":"plain","optional":true},"affinity_session_duration":{"type":"number","description":"The time each session is maintained in sec (Default: 300).","description_kind":"plain","optional":true},"application":{"type":"string","description":"The name of the application associated to the pool.","description_kind":"plain","required":true},"best_active_nodes":{"type":"number","description":"Number of best active nodes when lb_mode is set to latency.","description_kind":"plain","optional":true},"fqdn":{"type":"string","description":"The fqdn of the application associated to the pool.","description_kind":"plain","required":true},"id":{"type":"string","description_kind":"plain","optional":true,"computed":true},"ip_version":{"type":"string","description":"The IP protocol version used by the application pool to create (Supported: ipv4, ipv6; Default: ipv4).","description_kind":"plain","optional":true},"lb_mode":{"type":"string","description":"The load balancing mode of the application pool to create (Supported: weighted,round-robin,latency; Default: round-robin).","description_kind":"plain","optional":true},"name":{"type":"string","description":"The name of the application pool to create.","description_kind":"plain","required":true}},"description_kind":"plain"}},"solidserver_cdb":{"version":0,"block":{"attributes":{"id":{"type":"string","description_kind":"plain","optional":true,"computed":true},"label1":{"type":"string","description":"The name of the label 1","description_kind":"plain","optional":true},"label10":{"type":"string","description":"The name of the label 10","description_kind":"plain","optional":true},"label2":{"type":"string","description":"The name of the label 2","description_kind":"plain","optional":true},"label3":{"type":"string","description":"The name of the label 3","description_kind":"plain","optional":true},"label4":{"type":"string","description":"The name of the label 4","description_kind":"plain","optional":true},"label5":{"type":"string","description":"The name of the label 5","description_kind":"plain","optional":true},"label6":{"type":"string","description":"The name of the label 6","description_kind":"plain","optional":true},"label7":{"type":"string","description":"The name of the label 7","description_kind":"plain","optional":true},"label8":{"type":"string","description":"The name of the label 8","description_kind":"plain","optional":true},"label9":{"type":"string","description":"The name of the label 9","description_kind":"plain","optional":true},"name":{"type":"string","description":"The name of the custom DB.","description_kind":"plain","required":true}},"description_kind":"plain"}},"solidserver_cdb_data":{"version":0,"block":{"attributes":{"custom_db":{"type":"string","description":"The name of the Custom DB into which creating the data.","description_kind":"plain","required":true},"id":{"type":"string","description_kind":"plain","optional":true,"computed":true},"value1":{"type":"string","description":"The value 1 (key of the data)","description_kind":"plain","required":true},"value10":{"type":"string","description":"The value 10","description_kind":"plain","optional":true},"value2":{"type":"string","description":"The value 2","description_kind":"plain","optional":true},"value3":{"type":"string","description":"The value 3","description_kind":"plain","optional":true},"value4":{"type":"string","description":"The value 4","description_kind":"plain","optional":true},"value5":{"type":"string","description":"The value 5","description_kind":"plain","optional":true},"value6":{"type":"string","description":"The value 6","description_kind":"plain","optional":true},"value7":{"type":"string","description":"The value 7","description_kind":"plain","optional":true},"value8":{"type":"string","description":"The value 8","description_kind":"plain","optional":true},"value9":{"type":"string","description":"The value 9","description_kind":"plain","optional":true}},"description_kind":"plain"}},"solidserver_device":{"version":0,"block":{"attributes":{"class":{"type":"string","description":"The class associated to the device.","description_kind":"plain","optional":true},"class_parameters":{"type":["map","string"],"description":"The class parameters associated to device.","description_kind":"plain","optional":true},"id":{"type":"string","description_kind":"plain","optional":true,"computed":true},"name":{"type":"string","description":"The name of the device to create.","description_kind":"plain","required":true}},"description_kind":"plain"}},"solidserver_dns_forward_zone":{"version":0,"block":{"attributes":{"class":{"type":"string","description":"The class associated to the forward zone.","description_kind":"plain","optional":true},"class_parameters":{"type":["map","string"],"description":"The class parameters associated to the forward zone.","description_kind":"plain","optional":true},"dnsserver":{"type":"string","description":"The managed SMART DNS server name, or DNS server name hosting the forward zone.","description_kind":"plain","required":true},"dnsview":{"type":"string","description":"The DNS view name hosting the forward zone.","description_kind":"plain","optional":true},"forward":{"type":"string","description":"The forwarding mode of the forward zone (Supported: only, first; Default: only).","description_kind":"plain","optional":true},"forwarders":{"type":["list","string"],"description":"The IP address list of the forwarder(s) to use for the forward zone.","description_kind":"plain","optional":true},"id":{"type":"string","description_kind":"plain","optional":true,"computed":true},"name":{"type":"string","description":"The Domain Name served by the forward zone.","description_kind":"plain","required":true}},"description_kind":"plain"}},"solidserver_dns_rr":{"version":0,"block":{"attributes":{"dnsserver":{"type":"string","description":"The managed SMART DNS server name, or DNS server name hosting the RR's zone.","description_kind":"plain","required":true},"dnsview":{"type":"string","description":"The View name of the RR to create.","description_kind":"plain","optional":true},"id":{"type":"string","description_kind":"plain","optional":true,"computed":true},"name":{"type":"string","description":"The Fully Qualified Domain Name of the RR to create.","description_kind":"plain","required":true},"ttl":{"type":"number","description":"The DNS Time To Live of the RR to create.","description_kind":"plain","optional":true},"type":{"type":"string","description":"The type of the RR to create (Supported: A, AAAA, CNAME, TXT).","description_kind":"plain","required":true},"value":{"type":"string","description":"The value od the RR to create.","description_kind":"plain","required":true}},"description_kind":"plain"}},"solidserver_dns_server":{"version":0,"block":{"attributes":{"address":{"type":"string","description":"The IPv4 address of the DNS server to create.","description_kind":"plain","required":true},"allow_query":{"type":["list","string"],"description":"A list of network prefixes allowed to query the DNS server (named ACL(s) are not supported using this provider).  Use '!' to negate an entry.","description_kind":"plain","optional":true},"allow_recursion":{"type":["list","string"],"description":"A list of network prefixes allowed to query the DNS server for recursion (named ACL(s) are not supported using this provider).  Use '!' to negate an entry.","description_kind":"plain","optional":true},"allow_transfer":{"type":["list","string"],"description":"A list of network prefixes allowed to query the DNS server for zone transfert (named ACL(s) are not supported using this provider).  Use '!' to negate an entry.","description_kind":"plain","optional":true},"class":{"type":"string","description":"The class associated to the DNS server.","description_kind":"plain","optional":true},"class_parameters":{"type":["map","string"],"description":"The class parameters associated to the DNS server.","description_kind":"plain","optional":true},"comment":{"type":"string","description":"Custom information about the DNS server.","description_kind":"plain","optional":true},"forward":{"type":"string","description":"The forwarding mode of the DNS server (Supported: none, first, only; Default: none).","description_kind":"plain","optional":true},"forwarders":{"type":["list","string"],"description":"The list of forwarders' IP address to be used by the DNS server.","description_kind":"plain","optional":true},"id":{"type":"string","description_kind":"plain","optional":true,"computed":true},"login":{"type":"string","description":"The login to use for enrolling of the DNS server.","description_kind":"plain","required":true},"name":{"type":"string","description":"The name of the DNS server to create.","description_kind":"plain","required":true},"password":{"type":"string","description":"The password to use the enrolling of the DNS server.","description_kind":"plain","required":true},"recursion":{"type":"bool","description":"The recursion mode of the DNS server (Default: true).","description_kind":"plain","optional":true},"smart":{"type":"string","description":"The DNS SMART the DNS server must join.","description_kind":"plain","optional":true},"smart_role":{"type":"string","description":"The role the DNS server will play within the SMART (Supported: master, slave; Default: slave).","description_kind":"plain","optional":true},"type":{"type":"string","description":"The type of DNS server (Supported: ipm (SOLIDserver or Linux Package); Default: ipm).","description_kind":"plain","computed":true}},"description_kind":"plain"}},"solidserver_dns_smart":{"version":0,"block":{"attributes":{"allow_query":{"type":["list","string"],"description":"A list of network prefixes allowed to query the DNS server (named ACL(s) are not supported using this provider).  Use '!' to negate an entry.","description_kind":"plain","optional":true},"allow_recursion":{"type":["list","string"],"description":"A list of network prefixes allowed to query the DNS server for recursion (named ACL(s) are not supported using this provider).  Use '!' to negate an entry.","description_kind":"plain","optional":true},"allow_transfer":{"type":["list","string"],"description":"A list of network prefixes allowed to query the DNS erver for zone transfert (named ACL(s) are not supported using this provider).  Use '!' to negate an entry.","description_kind":"plain","optional":true},"arch":{"type":"string","description":"The DNS SMART architecture (Suported: multimaster, masterslave, single; Default: masterslave).","description_kind":"plain","optional":true},"class":{"type":"string","description":"The class associated to the DNS SMART.","description_kind":"plain","optional":true},"class_parameters":{"type":["map","string"],"description":"The class parameters associated to the DNS SMART.","description_kind":"plain","optional":true},"comment":{"type":"string","description":"Custom information about the DNS SMART.","description_kind":"plain","optional":true},"forward":{"type":"string","description":"The forwarding mode of the DNS SMART (Supported: none, first, only; Default: none).","description_kind":"plain","optional":true},"forwarders":{"type":["list","string"],"description":"The IP address list of the forwarder(s) configured to configure on the DNS SMART.","description_kind":"plain","optional":true},"id":{"type":"string","description_kind":"plain","optional":true,"computed":true},"members":{"type":["list","string"],"description":"The name of the DNS SMART members.","description_kind":"plain","computed":true},"name":{"type":"string","description":"The name of the DNS SMART to create.","description_kind":"plain","required":true},"recursion":{"type":"bool","description":"The recursion mode of the DNS SMART (Default: true).","description_kind":"plain","optional":true}},"description_kind":"plain"}},"solidserver_dns_view":{"version":0,"block":{"attributes":{"allow_query":{"type":["list","string"],"description":"A list of network prefixes allowed to query the view (named ACL(s) are not supported using this provider).  Use '!' to negate an entry.","description_kind":"plain","optional":true},"allow_recursion":{"type":["list","string"],"description":"A list of network prefixes allowed to query the view for recursion (named ACL(s) are not supported using this provider).  Use '!' to negate an entry.","description_kind":"plain","optional":true},"allow_transfer":{"type":["list","string"],"description":"A list of network prefixes allowed to query the view for zone transfert (named ACL(s) are not supported using this provider).  Use '!' to negate an entry.","description_kind":"plain","optional":true},"class":{"type":"string","description":"The class associated to the DNS view.","description_kind":"plain","optional":true},"class_parameters":{"type":["map","string"],"description":"The class parameters associated to the view.","description_kind":"plain","optional":true},"dnsserver":{"type":"string","description":"The name of DNS server or DNS SMART hosting the DNS view to create.","description_kind":"plain","required":true},"forward":{"type":"string","description":"The forwarding mode of the DNS SMART (Supported: none, first, only; Default: none).","description_kind":"plain","optional":true},"forwarders":{"type":["list","string"],"description":"The IP address list of the forwarder(s) configured to configure on the DNS SMART.","description_kind":"plain","optional":true},"id":{"type":"string","description_kind":"plain","optional":true,"computed":true},"match_clients":{"type":["list","string"],"description":"A list of network prefixes used to match the clients of the view (named ACL(s) are not supported using this provider).  Use '!' to negate an entry.","description_kind":"plain","optional":true},"match_to":{"type":["list","string"],"description":"A list of network prefixes used to match the traffic to the view (named ACL(s) are not supported using this provider).  Use '!' to negate an entry.","description_kind":"plain","optional":true},"name":{"type":"string","description":"The name of the DNS view to create.","description_kind":"plain","required":true},"order":{"type":"number","description":"The level of the DNS view, where 0 represents the highest level in the views hierarchy.","description_kind":"plain","computed":true},"recursion":{"type":"bool","description":"The recursion mode of the DNS view (Default: true).","description_kind":"plain","optional":true}},"description_kind":"plain"}},"solidserver_dns_zone":{"version":0,"block":{"attributes":{"also_notify":{"type":["list","string"],"description":"The list of IP addresses (Format \u003cIP\u003e:\u003cPort\u003e) that will receive zone change notifications in addition to the NS listed in the SOA","description_kind":"plain","optional":true},"class":{"type":"string","description":"The class associated to the zone.","description_kind":"plain","optional":true},"class_parameters":{"type":["map","string"],"description":"The class parameters associated to the zone.","description_kind":"plain","optional":true},"createptr":{"type":"bool","description":"Automaticaly create PTR records for the zone.","description_kind":"plain","optional":true},"dnsserver":{"type":"string","description":"The name of DNS server or DNS SMART hosting the DNS zone to create.","description_kind":"plain","required":true},"dnsview":{"type":"string","description":"The name of DNS view hosting the DNS zone to create.","description_kind":"plain","optional":true},"id":{"type":"string","description_kind":"plain","optional":true,"computed":true},"name":{"type":"string","description":"The Domain Name to be hosted by the zone.","description_kind":"plain","required":true},"notify":{"type":"string","description":"The expected notify behavior (Supported: empty (Inherited), Yes, No, Explicit; Default: empty (Inherited).","description_kind":"plain","optional":true},"space":{"type":"string","description":"The name of a space associated to the zone.","description_kind":"plain","optional":true},"type":{"type":"string","description":"The type of the zone to create (Supported: Master).","description_kind":"plain","optional":true}},"description_kind":"plain"}},"solidserver_ip6_address":{"version":0,"block":{"attributes":{"address":{"type":"string","description":"The provisionned IP v6 address.","description_kind":"plain","computed":true},"class":{"type":"string","description":"The class associated to the IP v6 address.","description_kind":"plain","optional":true},"class_parameters":{"type":["map","string"],"description":"The class parameters associated to the IP v6 address.","description_kind":"plain","optional":true},"device":{"type":"string","description":"Device Name to associate with the IP v6 address (Require a 'Device Manager' license).","description_kind":"plain","optional":true},"id":{"type":"string","description_kind":"plain","optional":true,"computed":true},"mac":{"type":"string","description":"The MAC Address of the IP v6 address to create.","description_kind":"plain","optional":true},"name":{"type":"string","description":"The short name or FQDN of the IP v6 address to create.","description_kind":"plain","required":true},"pool":{"type":"string","description":"The name of the pool into which creating the IP v6 address.","description_kind":"plain","optional":true},"request_ip":{"type":"string","description":"The optionally requested IP v6 address.","description_kind":"plain","optional":true},"space":{"type":"string","description":"The name of the space into which creating the IP v6 address.","description_kind":"plain","required":true},"subnet":{"type":"string","description":"The name of the subnet into which creating the IP v6 address.","description_kind":"plain","required":true}},"description_kind":"plain"}},"solidserver_ip6_alias":{"version":0,"block":{"attributes":{"address":{"type":"string","description":"The IP v6 address for which the alias will be associated to.","description_kind":"plain","required":true},"id":{"type":"string","description_kind":"plain","optional":true,"computed":true},"name":{"type":"string","description":"The FQDN of the IP v6 address alias to create.","description_kind":"plain","required":true},"space":{"type":"string","description":"The name of the space to which the address belong to.","description_kind":"plain","required":true},"type":{"type":"string","description":"The type of the Alias to create (Supported: A, CNAME; Default: CNAME).","description_kind":"plain","optional":true}},"description_kind":"plain"}},"solidserver_ip6_mac":{"version":0,"block":{"attributes":{"address":{"type":"string","description":"The IP v6 address to map with the MAC address.","description_kind":"plain","required":true},"id":{"type":"string","description_kind":"plain","optional":true,"computed":true},"mac":{"type":"string","description":"The MAC Address o map with the IP v6 address.","description_kind":"plain","required":true},"space":{"type":"string","description":"The name of the space into which mapping the IP and the MAC address.","description_kind":"plain","required":true}},"description_kind":"plain"}},"solidserver_ip6_pool":{"version":0,"block":{"attributes":{"class":{"type":"string","description":"The class associated to the IP v6 pool.","description_kind":"plain","optional":true},"class_parameters":{"type":["map","string"],"description":"The class parameters associated to the IP v6 pool.","description_kind":"plain","optional":true},"dhcp_range":{"type":"bool","description":"Specify wether to create the equivalent DHCP v6 range, or not (Default: false).","description_kind":"plain","optional":true},"id":{"type":"string","description_kind":"plain","optional":true,"computed":true},"name":{"type":"string","description":"The name of the IP v6 pool to create.","description_kind":"plain","required":true},"prefix":{"type":"string","description":"The prefix of the parent subnet of the pool.","description_kind":"plain","computed":true},"prefix_size":{"type":"number","description":"The size prefix of the parent subnet of the pool.","description_kind":"plain","computed":true},"size":{"type":"number","description":"The size of the IP v6 pool to create.","description_kind":"plain","required":true},"space":{"type":"string","description":"The name of the space into which creating the IP v6 pool.","description_kind":"plain","required":true},"start":{"type":"string","description":"The IP v6 pool lower IP v6 address.","description_kind":"plain","required":true},"subnet":{"type":"string","description":"The name of the parent IP subnet into which creating the IP v6 pool.","description_kind":"plain","required":true}},"description_kind":"plain"}},"solidserver_ip6_subnet":{"version":0,"block":{"attributes":{"address":{"type":"string","description":"The provisionned IP v6 network address.","description_kind":"plain","computed":true},"block":{"type":"string","description":"The name of the block intyo which creating the IP v6 subnet.","description_kind":"plain","optional":true},"class":{"type":"string","description":"The class associated to the IP v6 subnet.","description_kind":"plain","optional":true},"class_parameters":{"type":["map","string"],"description":"The class parameters associated to the IP v6 subnet.","description_kind":"plain","optional":true},"gateway":{"type":"string","description":"The subnet's computed gateway.","description_kind":"plain","computed":true},"gateway_offset":{"type":"number","description":"Offset for creating the gateway. Default is 0 (No gateway).","description_kind":"plain","optional":true},"id":{"type":"string","description_kind":"plain","optional":true,"computed":true},"name":{"type":"string","description":"The name of the IP v6 subnet to create.","description_kind":"plain","required":true},"prefix":{"type":"string","description":"The provisionned IP v6 prefix.","description_kind":"plain","computed":true},"prefix_size":{"type":"number","description":"The expected IP v6 subnet's prefix length (ex: 24 for a '/24').","description_kind":"plain","required":true},"request_ip":{"type":"string","description":"The optionally requested subnet IP v6 address.","description_kind":"plain","optional":true},"space":{"type":"string","description":"The name of the space into which creating the IP v6 subnet.","description_kind":"plain","required":true},"terminal":{"type":"bool","description":"The terminal property of the IP v6 subnet.","description_kind":"plain","optional":true}},"description_kind":"plain"}},"solidserver_ip_address":{"version":0,"block":{"attributes":{"address":{"type":"string","description":"The provisionned IP address.","description_kind":"plain","computed":true},"class":{"type":"string","description":"The class associated to the IP address.","description_kind":"plain","optional":true},"class_parameters":{"type":["map","string"],"description":"The class parameters associated to the IP address.","description_kind":"plain","optional":true},"device":{"type":"string","description":"Device Name to associate with the IP address (Require a 'Device Manager' license).","description_kind":"plain","optional":true},"id":{"type":"string","description_kind":"plain","optional":true,"computed":true},"mac":{"type":"string","description":"The MAC Address of the IP address to create.","description_kind":"plain","optional":true},"name":{"type":"string","description":"The short name or FQDN of the IP address to create.","description_kind":"plain","required":true},"pool":{"type":"string","description":"The name of the pool into which creating the IP address.","description_kind":"plain","optional":true},"request_ip":{"type":"string","description":"The optionally requested IP address.","description_kind":"plain","optional":true},"space":{"type":"string","description":"The name of the space into which creating the IP address.","description_kind":"plain","required":true},"subnet":{"type":"string","description":"The name of the subnet into which creating the IP address.","description_kind":"plain","required":true}},"description_kind":"plain"}},"solidserver_ip_alias":{"version":0,"block":{"attributes":{"address":{"type":"string","description":"The IP address for which the alias will be associated to.","description_kind":"plain","required":true},"id":{"type":"string","description_kind":"plain","optional":true,"computed":true},"name":{"type":"string","description":"The FQDN of the IP address alias to create.","description_kind":"plain","required":true},"space":{"type":"string","description":"The name of the space to which the address belong to.","description_kind":"plain","required":true},"type":{"type":"string","description":"The type of the Alias to create (Supported: A, CNAME; Default: CNAME).","description_kind":"plain","optional":true}},"description_kind":"plain"}},"solidserver_ip_mac":{"version":0,"block":{"attributes":{"address":{"type":"string","description":"The IP address to map with the MAC address.","description_kind":"plain","required":true},"id":{"type":"string","description_kind":"plain","optional":true,"computed":true},"mac":{"type":"string","description":"The MAC Address o map with the IP address.","description_kind":"plain","required":true},"space":{"type":"string","description":"The name of the space into which mapping the IP and the MAC address.","description_kind":"plain","required":true}},"description_kind":"plain"}},"solidserver_ip_pool":{"version":0,"block":{"attributes":{"class":{"type":"string","description":"The class associated to the IP pool.","description_kind":"plain","optional":true},"class_parameters":{"type":["map","string"],"description":"The class parameters associated to the IP pool.","description_kind":"plain","optional":true},"dhcp_range":{"type":"bool","description":"Specify wether to create the equivalent DHCP range, or not (Default: false).","description_kind":"plain","optional":true},"id":{"type":"string","description_kind":"plain","optional":true,"computed":true},"name":{"type":"string","description":"The name of the IP pool to create.","description_kind":"plain","required":true},"prefix":{"type":"string","description":"The prefix of the parent subnet of the pool.","description_kind":"plain","computed":true},"prefix_size":{"type":"number","description":"The size prefix of the parent subnet of the pool.","description_kind":"plain","computed":true},"size":{"type":"number","description":"The size of the IP pool to create.","description_kind":"plain","required":true},"space":{"type":"string","description":"The name of the space into which creating the IP pool.","description_kind":"plain","required":true},"start":{"type":"string","description":"The IP pool lower IP address.","description_kind":"plain","required":true},"subnet":{"type":"string","description":"The name of the parent IP subnet into which creating the IP pool.","description_kind":"plain","required":true}},"description_kind":"plain"}},"solidserver_ip_space":{"version":0,"block":{"attributes":{"class":{"type":"string","description":"The class associated to the IP space.","description_kind":"plain","optional":true},"class_parameters":{"type":["map","string"],"description":"The class parameters associated to IP space.","description_kind":"plain","optional":true},"id":{"type":"string","description_kind":"plain","optional":true,"computed":true},"name":{"type":"string","description":"The name of the IP space to create.","description_kind":"plain","required":true}},"description_kind":"plain"}},"solidserver_ip_subnet":{"version":0,"block":{"attributes":{"address":{"type":"string","description":"The provisionned IP network address.","description_kind":"plain","computed":true},"block":{"type":"string","description":"The name of the parent IP block/subnet into which creating the IP subnet.","description_kind":"plain","optional":true},"class":{"type":"string","description":"The class associated to the IP subnet.","description_kind":"plain","optional":true},"class_parameters":{"type":["map","string"],"description":"The class parameters associated to the IP subnet.","description_kind":"plain","optional":true},"gateway":{"type":"string","description":"The subnet's computed gateway.","description_kind":"plain","computed":true},"gateway_offset":{"type":"number","description":"Offset for creating the gateway. Default is 0 (No gateway).","description_kind":"plain","optional":true},"id":{"type":"string","description_kind":"plain","optional":true,"computed":true},"name":{"type":"string","description":"The name of the IP subnet to create.","description_kind":"plain","required":true},"netmask":{"type":"string","description":"The provisionned IP address netmask.","description_kind":"plain","computed":true},"prefix":{"type":"string","description":"The provisionned IP prefix.","description_kind":"plain","computed":true},"prefix_size":{"type":"number","description":"The expected IP subnet's prefix length (ex: 24 for a '/24').","description_kind":"plain","required":true},"request_ip":{"type":"string","description":"The optionally requested subnet IP address.","description_kind":"plain","optional":true},"space":{"type":"string","description":"The name of the space into which creating the subnet.","description_kind":"plain","required":true},"terminal":{"type":"bool","description":"The terminal property of the IP subnet.","description_kind":"plain","optional":true}},"description_kind":"plain"}},"solidserver_user":{"version":0,"block":{"attributes":{"class_parameters":{"type":["map","string"],"description":"The class parameters associated to the user.","description_kind":"plain","optional":true},"description":{"type":"string","description":"The description of the user","description_kind":"plain","optional":true},"email":{"type":"string","description":"The email address of the user","description_kind":"plain","optional":true},"first_name":{"type":"string","description":"The first name of the user","description_kind":"plain","optional":true},"groups":{"type":["set","string"],"description":"The group id set for this user","description_kind":"plain","required":true},"id":{"type":"string","description_kind":"plain","optional":true,"computed":true},"last_name":{"type":"string","description":"The last name of the user","description_kind":"plain","optional":true},"login":{"type":"string","description":"The login of the user","description_kind":"plain","required":true},"password":{"type":"string","description":"The password of the user","description_kind":"plain","required":true}},"description_kind":"plain"}},"solidserver_usergroup":{"version":0,"block":{"attributes":{"description":{"type":"string","description":"The description of the group","description_kind":"plain","optional":true},"id":{"type":"string","description_kind":"plain","optional":true,"computed":true},"name":{"type":"string","description":"The name of the group","description_kind":"plain","required":true}},"description_kind":"plain"}},"solidserver_vlan":{"version":0,"block":{"attributes":{"class":{"type":"string","description":"The class associated to the vlan.","description_kind":"plain","optional":true},"class_parameters":{"type":["map","string"],"description":"The class parameters associated to vlan.","description_kind":"plain","optional":true},"id":{"type":"string","description_kind":"plain","optional":true,"computed":true},"name":{"type":"string","description":"The name of the vlan to create.","description_kind":"plain","required":true},"request_id":{"type":"number","description":"The optionally requested vlan ID.","description_kind":"plain","optional":true},"vlan_domain":{"type":"string","description":"The name of the vlan domain.","description_kind":"plain","required":true},"vlan_id":{"type":"number","description":"The vlan ID.","description_kind":"plain","computed":true}},"description_kind":"plain"}},"solidserver_vlan_domain":{"version":0,"block":{"attributes":{"class":{"type":"string","description":"The class associated to the VLAN Domain.","description_kind":"plain","optional":true},"class_parameters":{"type":["map","string"],"description":"The class parameters associated to VLAN Domain.","description_kind":"plain","optional":true},"id":{"type":"string","description_kind":"plain","optional":true,"computed":true},"name":{"type":"string","description":"The name of the VLAN Domain to create.","description_kind":"plain","required":true},"vxlan":{"type":"bool","description":"Specify if the VLAN Domain is a VXLAN Domain.","description_kind":"plain","optional":true}},"description_kind":"plain"}}},"data_source_schemas":{"solidserver_cdb":{"version":0,"block":{"attributes":{"id":{"type":"string","description_kind":"plain","optional":true,"computed":true},"label1":{"type":"string","description":"The name of the label 1","description_kind":"plain","computed":true},"label10":{"type":"string","description":"The name of the label 10","description_kind":"plain","computed":true},"label2":{"type":"string","description":"The name of the label 2","description_kind":"plain","computed":true},"label3":{"type":"string","description":"The name of the label 3","description_kind":"plain","computed":true},"label4":{"type":"string","description":"The name of the label 4","description_kind":"plain","computed":true},"label5":{"type":"string","description":"The name of the label 5","description_kind":"plain","computed":true},"label6":{"type":"string","description":"The name of the label 6","description_kind":"plain","computed":true},"label7":{"type":"string","description":"The name of the label 7","description_kind":"plain","computed":true},"label8":{"type":"string","description":"The name of the label 8","description_kind":"plain","computed":true},"label9":{"type":"string","description":"The name of the label 9","description_kind":"plain","computed":true},"name":{"type":"string","description":"The name of the custom DB.","description_kind":"plain","required":true}},"description_kind":"plain"}},"solidserver_cdb_data":{"version":0,"block":{"attributes":{"custom_db":{"type":"string","description":"The name of the custom DB.","description_kind":"plain","required":true},"id":{"type":"string","description_kind":"plain","optional":true,"computed":true},"value1":{"type":"string","description":"The name of the value 1","description_kind":"plain","required":true},"value10":{"type":"string","description":"The name of the value 10","description_kind":"plain","computed":true},"value2":{"type":"string","description":"The name of the value 2","description_kind":"plain","computed":true},"value3":{"type":"string","description":"The name of the value 3","description_kind":"plain","computed":true},"value4":{"type":"string","description":"The name of the value 4","description_kind":"plain","computed":true},"value5":{"type":"string","description":"The name of the value 5","description_kind":"plain","computed":true},"value6":{"type":"string","description":"The name of the value 6","description_kind":"plain","computed":true},"value7":{"type":"string","description":"The name of the value 7","description_kind":"plain","computed":true},"value8":{"type":"string","description":"The name of the value 8","description_kind":"plain","computed":true},"value9":{"type":"string","description":"The name of the value 9","description_kind":"plain","computed":true}},"description_kind":"plain"}},"solidserver_dns_server":{"version":0,"block":{"attributes":{"address":{"type":"string","description":"IPv4 address of the DNS server.","description_kind":"plain","computed":true},"allow_query":{"type":["list","string"],"description":"A list of network prefixes allowed to query the DNS server (named ACL(s) are not supported using this provider).","description_kind":"plain","computed":true},"allow_recursion":{"type":["list","string"],"description":"A list of network prefixes allowed to query the DNS server for recursion (named ACL(s) are not supported using this provider).","description_kind":"plain","computed":true},"allow_transfer":{"type":["list","string"],"description":"A list of network prefixes allowed to query the DNS server for zone transfert (named ACL(s) are not supported using this provider).","description_kind":"plain","computed":true},"class":{"type":"string","description":"The class associated to the DNS server.","description_kind":"plain","computed":true},"class_parameters":{"type":["map","string"],"description":"The class parameters associated to the DNS server.","description_kind":"plain","computed":true},"comment":{"type":"string","description":"Custom information about the DNS server.","description_kind":"plain","computed":true},"forward":{"type":"string","description":"The forwarding mode of the DNS server (disabled if empty).","description_kind":"plain","computed":true},"forwarders":{"type":["list","string"],"description":"The IP address list of the forwarder(s) configured on the DNS server.","description_kind":"plain","computed":true},"id":{"type":"string","description_kind":"plain","optional":true,"computed":true},"name":{"type":"string","description":"The name of the DNS server.","description_kind":"plain","required":true},"recursion":{"type":"bool","description":"The recursion status of the DNS server.","description_kind":"plain","computed":true},"type":{"type":"string","description":"The type of DNS server (ipm (SOLIDserver DNS)|msdaemon (Microsoft DNS)|ans (Nominum)|aws (AWS Route-53)|other (Other DNS)).","description_kind":"plain","computed":true},"version":{"type":"string","description":"DNS Engine Version.","description_kind":"plain","computed":true}},"description_kind":"plain"}},"solidserver_dns_smart":{"version":0,"block":{"attributes":{"allow_query":{"type":["list","string"],"description":"A list of network prefixes allowed to query the DNS server (named ACL(s) are not supported using this provider).","description_kind":"plain","computed":true},"allow_recursion":{"type":["list","string"],"description":"A list of network prefixes allowed to query the DNS server for recursion (named ACL(s) are not supported using this provider).","description_kind":"plain","computed":true},"allow_transfer":{"type":["list","string"],"description":"A list of network prefixes allowed to query the DNS server for zone transfert (named ACL(s) are not supported using this provider).","description_kind":"plain","computed":true},"arch":{"type":"string","description":"The SMART architecture type (masterslave|stealth|multimaster|single|farm).","description_kind":"plain","computed":true},"class":{"type":"string","description":"The class associated to the DNS server.","description_kind":"plain","computed":true},"class_parameters":{"type":["map","string"],"description":"The class parameters associated to the DNS SMART","description_kind":"plain","computed":true},"comment":{"type":"string","description":"Custom information about the DNS SMART.","description_kind":"plain","computed":true},"forward":{"type":"string","description":"The forwarding mode of the DNS SMART (Disabled if empty).","description_kind":"plain","computed":true},"forwarders":{"type":["list","string"],"description":"The IP address list of the forwarder(s) configured on the DNS SMART.","description_kind":"plain","computed":true},"id":{"type":"string","description_kind":"plain","optional":true,"computed":true},"members":{"type":["list","string"],"description":"The name of the DNS SMART members.","description_kind":"plain","computed":true},"name":{"type":"string","description":"The name of the DNS SMART.","description_kind":"plain","required":true},"recursion":{"type":"bool","description":"The recursion status of the DNS SMART.","description_kind":"plain","computed":true}},"description_kind":"plain"}},"solidserver_dns_view":{"version":0,"block":{"attributes":{"allow_query":{"type":["list","string"],"description":"A list of network prefixes allowed to query the DNS view (named ACL(s) are not supported using this provider).","description_kind":"plain","computed":true},"allow_recursion":{"type":["list","string"],"description":"A list of network prefixes allowed to query the DNS view for recursion (named ACL(s) are not supported using this provider).","description_kind":"plain","computed":true},"allow_transfer":{"type":["list","string"],"description":"A list of network prefixes allowed to query the DNS view for zone transfert (named ACL(s) are not supported using this provider).","description_kind":"plain","computed":true},"class":{"type":"string","description":"The class associated to the DNS view.","description_kind":"plain","computed":true},"class_parameters":{"type":["map","string"],"description":"The class parameters associated to the DNS view.","description_kind":"plain","computed":true},"dnsserver":{"type":"string","description":"The name of DNS server or DNS SMART hosting the DNS view to create.","description_kind":"plain","required":true},"forward":{"type":"string","description":"The forwarding mode of the DNS view (disabled if empty).","description_kind":"plain","computed":true},"forwarders":{"type":["list","string"],"description":"The IP address list of the forwarder(s) configured on the DNS view.","description_kind":"plain","computed":true},"id":{"type":"string","description_kind":"plain","optional":true,"computed":true},"match_clients":{"type":["list","string"],"description":"A list of network prefixes used to match the clients of the view (named ACL(s) are not supported using this provider).","description_kind":"plain","computed":true},"match_to":{"type":["list","string"],"description":"A list of network prefixes used to match the traffic to the view (named ACL(s) are not supported using this provider).","description_kind":"plain","computed":true},"name":{"type":"string","description":"The name of the DNS view.","description_kind":"plain","required":true},"order":{"type":"string","description":"The level of the DNS view, where 0 represents the highest level in the views hierarchy.","description_kind":"plain","computed":true},"recursion":{"type":"bool","description":"The recursion status of the DNS view.","description_kind":"plain","computed":true}},"description_kind":"plain"}},"solidserver_dns_zone":{"version":0,"block":{"attributes":{"class":{"type":"string","description":"The class associated to the DNS zone.","description_kind":"plain","computed":true},"class_parameters":{"type":["map","string"],"description":"The class parameters associated to IP space.","description_kind":"plain","computed":true},"createptr":{"type":"bool","description":"Automaticaly create PTR records for the DNS zone.","description_kind":"plain","computed":true},"dnsserver":{"type":"string","description":"The name of DNS server or DNS SMART hosting the DNS zone.","description_kind":"plain","computed":true},"dnsview":{"type":"string","description":"The name of DNS view hosting the DNS zone.","description_kind":"plain","computed":true},"id":{"type":"string","description_kind":"plain","optional":true,"computed":true},"name":{"type":"string","description":"The Domain Name served by the DNS zone.","description_kind":"plain","required":true},"space":{"type":"string","description":"The name of a space associated to the DNS zone.","description_kind":"plain","computed":true},"type":{"type":"string","description":"The Type of the DNS zone.","description_kind":"plain","computed":true}},"description_kind":"plain"}},"solidserver_ip6_ptr":{"version":0,"block":{"attributes":{"address":{"type":"string","description":"The IPv6 address to convert into PTR domain name.","description_kind":"plain","required":true},"dname":{"type":"string","description":"The PTR record FQDN associated to the IPv6 address.","description_kind":"plain","computed":true},"id":{"type":"string","description_kind":"plain","optional":true,"computed":true}},"description_kind":"plain"}},"solidserver_ip_address":{"version":0,"block":{"attributes":{"address":{"type":"string","description":"The IP address.","description_kind":"plain","required":true},"class":{"type":"string","description":"The class associated to the IP address.","description_kind":"plain","computed":true},"class_parameters":{"type":["map","string"],"description":"The class parameters associated to the IP address.","description_kind":"plain","computed":true},"device":{"type":"string","description":"Device Name associated to the IP address (Require a 'Device Manager' license).","description_kind":"plain","computed":true},"id":{"type":"string","description_kind":"plain","optional":true,"computed":true},"mac":{"type":"string","description":"The MAC Address of the IP address.","description_kind":"plain","computed":true},"name":{"type":"string","description":"The short name or FQDN of the IP address.","description_kind":"plain","computed":true},"netmask":{"type":"string","description":"The provisionned IP address netmask.","description_kind":"plain","computed":true},"pool":{"type":"string","description":"The name of the pool of the IP address.","description_kind":"plain","computed":true},"prefix":{"type":"string","description":"The IP address prefix.","description_kind":"plain","computed":true},"prefix_size":{"type":"number","description":"The prefix_length associated to the IP address.","description_kind":"plain","computed":true},"space":{"type":"string","description":"The name of the space of the IP address.","description_kind":"plain","required":true},"subnet":{"type":"string","description":"The name of the subnet of the IP address.","description_kind":"plain","computed":true}},"description_kind":"plain"}},"solidserver_ip_pool":{"version":0,"block":{"attributes":{"class_parameters":{"type":["map","string"],"description":"The class parameters associated to the pool.","description_kind":"plain","computed":true},"end":{"type":"string","description":"The last address of the pool.","description_kind":"plain","computed":true},"id":{"type":"string","description_kind":"plain","optional":true,"computed":true},"name":{"type":"string","description":"The name of the pool.","description_kind":"plain","required":true},"prefix":{"type":"string","description":"The prefix of the parent subnet of the pool.","description_kind":"plain","computed":true},"prefix_size":{"type":"number","description":"The size prefix of the parent subnet of the pool.","description_kind":"plain","computed":true},"size":{"type":"string","description":"The size of the pool.","description_kind":"plain","computed":true},"space":{"type":"string","description":"The space associated to the pool.","description_kind":"plain","required":true},"start":{"type":"string","description":"The fisrt address of the pool.","description_kind":"plain","computed":true},"subnet":{"type":"string","description":"The parent subnet of the pool.","description_kind":"plain","required":true}},"description_kind":"plain"}},"solidserver_ip_ptr":{"version":0,"block":{"attributes":{"address":{"type":"string","description":"The IP address to convert into PTR domain name.","description_kind":"plain","required":true},"dname":{"type":"string","description":"The PTR record FQDN associated to the IP address.","description_kind":"plain","computed":true},"id":{"type":"string","description_kind":"plain","optional":true,"computed":true}},"description_kind":"plain"}},"solidserver_ip_space":{"version":0,"block":{"attributes":{"class":{"type":"string","description":"The class associated to the IP space.","description_kind":"plain","computed":true},"class_parameters":{"type":["map","string"],"description":"The class parameters associated to IP space.","description_kind":"plain","computed":true},"id":{"type":"string","description_kind":"plain","optional":true,"computed":true},"name":{"type":"string","description":"The name of the IP space.","description_kind":"plain","required":true}},"description_kind":"plain"}},"solidserver_ip_subnet":{"version":0,"block":{"attributes":{"address":{"type":"string","description":"The IP subnet address.","description_kind":"plain","computed":true},"class":{"type":"string","description":"The class associated to the IP subnet.","description_kind":"plain","computed":true},"class_parameters":{"type":["map","string"],"description":"The class parameters associated to IP subnet.","description_kind":"plain","computed":true},"gateway":{"type":"string","description":"The subnet's computed gateway.","description_kind":"plain","computed":true},"id":{"type":"string","description_kind":"plain","optional":true,"computed":true},"name":{"type":"string","description":"The name of the IP subnet.","description_kind":"plain","required":true},"netmask":{"type":"string","description":"The IP subnet netmask.","description_kind":"plain","computed":true},"prefix":{"type":"string","description":"The IP subnet prefix.","description_kind":"plain","computed":true},"prefix_size":{"type":"number","description":"The IP subnet's prefix length (ex: 24 for a '/24').","description_kind":"plain","computed":true},"space":{"type":"string","description":"The space associated to the IP subnet.","description_kind":"plain","required":true}},"description_kind":"plain"}},"solidserver_usergroup":{"version":0,"block":{"attributes":{"id":{"type":"string","description_kind":"plain","optional":true,"computed":true},"name":{"type":"string","description":"The name of the user group.","description_kind":"plain","required":true}},"description_kind":"plain"}}}}}}
