{"format_version":"0.2","provider_schemas":{"registry.terraform.io/alexmammadov/awslexbotv2":{"provider":{"version":0,"block":{"description_kind":"plain"}},"resource_schemas":{"awslexbotv2_bot":{"version":0,"block":{"attributes":{"description":{"type":"string","description_kind":"plain","required":true},"id":{"type":"string","description_kind":"plain","optional":true,"computed":true},"idle_session_ttl":{"type":"number","description_kind":"plain","required":true},"name":{"type":"string","description_kind":"plain","required":true},"role_arn":{"type":"string","description_kind":"plain","required":true}},"description_kind":"plain"}},"awslexbotv2_uploadurl":{"version":0,"block":{"attributes":{"bot_alias_arn":{"type":"string","description_kind":"plain","optional":true,"computed":true},"bot_name":{"type":"string","description_kind":"plain","required":true},"etag":{"type":"string","description_kind":"plain","required":true},"file_path":{"type":"string","description_kind":"plain","required":true},"id":{"type":"string","description_kind":"plain","optional":true,"computed":true},"idle_session_ttl":{"type":"number","description_kind":"plain","required":true},"import_id":{"type":"string","description_kind":"plain","optional":true,"computed":true},"lambda_arn":{"type":"string","description_kind":"plain","optional":true},"role_arn":{"type":"string","description_kind":"plain","required":true},"upload_url":{"type":"string","description_kind":"plain","optional":true,"computed":true}},"description_kind":"plain"}}}}}}
