{"format_version":"0.2","provider_schemas":{"registry.terraform.io/aliallomani/hue":{"provider":{"version":0,"block":{"attributes":{"host":{"type":"string","description":"Domain name/IP of the Hue Bridge","description_kind":"plain","required":true},"username":{"type":"string","description":"Username of Hue Bridge","description_kind":"plain","required":true}},"description_kind":"plain"}},"resource_schemas":{"hue_light":{"version":0,"block":{"attributes":{"id":{"type":"string","description_kind":"plain","optional":true,"computed":true},"light_index":{"type":"number","description":"Hue light index (ID)","description_kind":"plain","computed":true},"model_id":{"type":"string","description":"The hardware model of the light.","description_kind":"plain","computed":true},"name":{"type":"string","description":"A unique, editable name given to the light.","description_kind":"plain","optional":true,"computed":true},"product_id":{"type":"string","description":"The Product ID of the Light","description_kind":"plain","computed":true},"sw_version":{"type":"string","description":"An identifier for the software version running on the light.","description_kind":"plain","computed":true},"unique_id":{"type":"string","description":"Unique id of the device. The MAC address of the device with a unique endpoint id in the form: AA:BB:CC:DD:EE:FF:00:11-XX","description_kind":"plain","required":true}},"block_types":{"state":{"nesting_mode":"list","block":{"attributes":{"brightness":{"type":"number","description":"The brightness value to set the light to. Brightness is a scale from 1 (the minimum the light is capable of) to 254 (the maximum).","description_kind":"plain","optional":true,"computed":true},"color_mode":{"type":"string","description":"Indicates the color mode in which the light is working, this is the last command type it received. Values are “hs” for Hue and Saturation, “xy” for XY and “ct” for Color Temperature. This parameter is only present when the light supports at least one of the values","description_kind":"plain","optional":true,"computed":true},"hue":{"type":"number","description":"The hue value to set light to.The hue value is a wrapping value between 0 and 65535. Both 0 and 65535 are red, 25500 is green and 46920 is blue.","description_kind":"plain","optional":true,"computed":true},"on":{"type":"bool","description":"On/Off state of the light. On=true, Off=false","description_kind":"plain","optional":true,"computed":true},"saturation":{"type":"number","description":"Saturation of the light. 254 is the most saturated (colored) and 0 is the least saturated (white).","description_kind":"plain","optional":true,"computed":true},"scene":{"type":"string","description":"The Scene name","description_kind":"plain","optional":true,"computed":true}},"description":"The current state of the Light","description_kind":"plain"},"max_items":1}},"description_kind":"plain"}}},"data_source_schemas":{"hue_light":{"version":0,"block":{"attributes":{"id":{"type":"string","description_kind":"plain","optional":true,"computed":true},"light_index":{"type":"number","description":"Hue light index (ID)","description_kind":"plain","computed":true},"model_id":{"type":"string","description":"The hardware model of the light.","description_kind":"plain","computed":true},"name":{"type":"string","description":"A unique, editable name given to the light.","description_kind":"plain","computed":true},"product_id":{"type":"string","description":"The Product ID of the Light","description_kind":"plain","computed":true},"state":{"type":["list",["object",{"brightness":"number","color_mode":"string","hue":"number","on":"bool","saturation":"number","scene":"string"}]],"description":"The current state of the Light","description_kind":"plain","computed":true},"sw_version":{"type":"string","description":"An identifier for the software version running on the light.","description_kind":"plain","computed":true},"unique_id":{"type":"string","description":"Unique id of the device. The MAC address of the device with a unique endpoint id in the form: AA:BB:CC:DD:EE:FF:00:11-XX","description_kind":"plain","required":true}},"description_kind":"plain"}},"hue_lights":{"version":0,"block":{"attributes":{"id":{"type":"string","description_kind":"plain","optional":true,"computed":true},"lights":{"type":["list",["object",{"light_index":"number","model_id":"string","name":"string","product_id":"string","state":["list",["object",{"brightness":"number","color_mode":"string","hue":"number","on":"bool","saturation":"number","scene":"string"}]],"sw_version":"string","unique_id":"string"}]],"description_kind":"plain","computed":true}},"description_kind":"plain"}}}}}}
