{"format_version":"0.2","provider_schemas":{"registry.terraform.io/alisdair/dnd5e":{"provider":{"version":0,"block":{"description_kind":"plain"}},"resource_schemas":{"dnd5e_character":{"version":0,"block":{"attributes":{"alignment":{"type":"string","description_kind":"plain","required":true},"armor_class":{"type":"number","description_kind":"plain","computed":true},"charisma":{"type":"number","description_kind":"plain","required":true},"charisma_modifier":{"type":"number","description_kind":"plain","computed":true},"class":{"type":"string","description_kind":"plain","required":true},"constitution":{"type":"number","description_kind":"plain","required":true},"constitution_modifier":{"type":"number","description_kind":"plain","computed":true},"dexterity":{"type":"number","description_kind":"plain","required":true},"dexterity_modifier":{"type":"number","description_kind":"plain","computed":true},"experience_points":{"type":"number","description_kind":"plain","optional":true},"id":{"type":"string","description_kind":"plain","optional":true,"computed":true},"intelligence":{"type":"number","description_kind":"plain","required":true},"intelligence_modifier":{"type":"number","description_kind":"plain","computed":true},"level":{"type":"number","description_kind":"plain","computed":true},"name":{"type":"string","description_kind":"plain","required":true},"proficiency_bonus":{"type":"number","description_kind":"plain","computed":true},"skills":{"type":["map","number"],"description_kind":"plain","optional":true},"speed":{"type":"number","description_kind":"plain","optional":true},"spells":{"type":["set","string"],"description_kind":"plain","optional":true},"strength":{"type":"number","description_kind":"plain","required":true},"strength_modifier":{"type":"number","description_kind":"plain","computed":true},"wisdom":{"type":"number","description_kind":"plain","required":true},"wisdom_modifier":{"type":"number","description_kind":"plain","computed":true}},"block_types":{"inventory_item":{"nesting_mode":"list","block":{"attributes":{"armor_class":{"type":"number","description_kind":"plain","optional":true},"equipped":{"type":"bool","description_kind":"plain","optional":true},"name":{"type":"string","description_kind":"plain","required":true},"number":{"type":"number","description_kind":"plain","optional":true},"weight":{"type":"number","description_kind":"plain","optional":true}},"description_kind":"plain"}}},"description_kind":"plain"}},"dnd5e_roll":{"version":0,"block":{"attributes":{"id":{"type":"string","description_kind":"plain","optional":true,"computed":true},"modifier":{"type":"number","description_kind":"plain","optional":true},"number":{"type":"number","description_kind":"plain","optional":true},"reroll":{"type":["map","string"],"description_kind":"plain","optional":true},"sides":{"type":"number","description_kind":"plain","optional":true},"total":{"type":"number","description_kind":"plain","computed":true},"values":{"type":["list","number"],"description_kind":"plain","computed":true}},"description_kind":"plain"}}}}}}
