{"format_version":"0.2","provider_schemas":{"registry.terraform.io/amcsplatform/customercontrol":{"provider":{"version":0,"block":{"attributes":{"private_key":{"type":"string","description":"CustomerControl private key for authentication","description_kind":"markdown","required":true},"url":{"type":"string","description":"Url to CustomerControl API","description_kind":"markdown","optional":true}},"description_kind":"plain"}},"resource_schemas":{"customercontrol_haproxy_rule":{"version":0,"block":{"attributes":{"domain_id":{"type":"number","description":"ID of Domain created with the rule","description_kind":"markdown","computed":true},"domain_name":{"type":"string","description":"Domain name to create the rule for","description_kind":"markdown","required":true},"id":{"type":"string","description_kind":"plain","optional":true,"computed":true},"manage_certificate":{"type":"bool","description":"Generates new SSL certificate for custom domain via LetsEncrypt and auto-renews it if true Defaults to `false`.","description_kind":"markdown","optional":true},"setup_kind":{"type":"string","description":"Rule kind","description_kind":"markdown","required":true},"valid_until":{"type":"string","description":"SSL certificate validity if manage_certificate was set to true","description_kind":"markdown","computed":true},"virtual_host_id":{"type":"number","description":"ID of VirtualHost created with the rule","description_kind":"markdown","computed":true}},"block_types":{"setup_configuration":{"nesting_mode":"set","block":{"attributes":{"backend":{"type":"string","description":"Backend address or IP to redirect requests to","description_kind":"markdown","optional":true,"computed":true},"backend_port":{"type":"number","description":"Backend port","description_kind":"markdown","optional":true,"computed":true},"is_ssl":{"type":"bool","description":"Enables SSL if true; terminates SSL if false","description_kind":"markdown","optional":true,"computed":true},"set_host":{"type":"bool","description":"Passes host name in the request header to target backends if true","description_kind":"markdown","optional":true,"computed":true}},"description":"Rule configuration for simple-forward kind","description_kind":"markdown"},"max_items":1},"setup_configuration_multi_forward":{"nesting_mode":"set","block":{"attributes":{"set_host":{"type":"bool","description":"Passes host name in the request header to target backends if true Defaults to `false`.","description_kind":"markdown","optional":true}},"block_types":{"servers":{"nesting_mode":"set","block":{"attributes":{"is_ssl":{"type":"bool","description":"Enables SSL if true; terminates SSL if false","description_kind":"markdown","optional":true,"computed":true},"port":{"type":"number","description":"Backend port","description_kind":"markdown","optional":true,"computed":true},"url":{"type":"string","description":"Backend address or IP to redirect requests to","description_kind":"markdown","optional":true,"computed":true}},"description":"List of backends","description_kind":"markdown"}}},"description":"Rule configuration for multi-forward kind","description_kind":"markdown"},"max_items":1}},"description":"Manages HAProxy rule","description_kind":"markdown"}}},"data_source_schemas":{"customercontrol_haproxy_rule":{"version":0,"block":{"attributes":{"domain_id":{"type":"number","description":"Domain ID registered in CustomerControl","description_kind":"markdown","computed":true},"domain_name":{"type":"string","description":"Domain name","description_kind":"markdown","computed":true},"id":{"type":"string","description_kind":"plain","optional":true,"computed":true},"manage_certificate":{"type":"bool","description":"Generates new SSL certificate for custom domain via LetsEncrypt and auto-renews it if true","description_kind":"markdown","computed":true},"setup_configuration":{"type":["set",["object",{"backend":"string","backend_port":"number","is_ssl":"bool","set_host":"bool"}]],"description":"Rule configuration for simple-forward kind","description_kind":"markdown","computed":true},"setup_configuration_multi_forward":{"type":["set",["object",{"servers":["set",["object",{"is_ssl":"bool","port":"number","url":"string"}]]}]],"description":"Rule configuration for multi-forward kind","description_kind":"markdown","computed":true},"setup_kind":{"type":"string","description":"Rule kind","description_kind":"markdown","computed":true},"valid_until":{"type":"string","description":"SSL certificate validity if manage_certificate was set to true","description_kind":"markdown","computed":true},"virtual_host_id":{"type":"number","description":"VirtualHost ID registered in CustomerControl","description_kind":"markdown","required":true}},"description":"Use this data resource to access information about an existing HAProxy rule","description_kind":"markdown"}}}}}}
