{"format_version":"0.2","provider_schemas":{"registry.terraform.io/amfamlabs/artifactory":{"provider":{"version":0,"block":{"attributes":{"aws_region":{"type":"string","description":"The provider's AWS region","description_kind":"plain","optional":true},"url":{"type":"string","description":"The artifactory URL","description_kind":"plain","required":true}},"block_types":{"assume_role":{"nesting_mode":"set","block":{"attributes":{"external_id":{"type":"string","description_kind":"plain","optional":true},"policy":{"type":"string","description_kind":"plain","optional":true},"role_arn":{"type":"string","description_kind":"plain","optional":true},"session_name":{"type":"string","description_kind":"plain","optional":true}},"description_kind":"plain"},"max_items":1}},"description_kind":"plain"}},"resource_schemas":{"artifactory_artifact_s3_deployment":{"version":0,"block":{"attributes":{"checksums":{"type":["map","string"],"description_kind":"plain","computed":true},"download_uri":{"type":"string","description_kind":"plain","computed":true},"id":{"type":"string","description_kind":"plain","optional":true,"computed":true},"original_checksums":{"type":["map","string"],"description_kind":"plain","computed":true},"path":{"type":"string","description_kind":"plain","computed":true},"repo":{"type":"string","description_kind":"plain","computed":true},"repository_path":{"type":"string","description":"The source artifactory repository_path.","description_kind":"plain","required":true},"s3_bucket":{"type":"string","description":"The target s3 bucket name.","description_kind":"plain","required":true},"s3_key":{"type":"string","description":"This is computed from the bucket_prefix and repository_path.","description_kind":"plain","computed":true},"s3_prefix":{"type":"string","description":"The target s3 prefix for the target s3 bucket.","description_kind":"plain","optional":true},"s3_region":{"type":"string","description":"The target S3 region to override the default.","description_kind":"plain","optional":true},"s3_region_actual":{"type":"string","description":"The actual S3 region, whether set explictly or inherited.","description_kind":"plain","computed":true}},"description_kind":"plain"}}},"data_source_schemas":{"artifactory_artifact":{"version":0,"block":{"attributes":{"checksums":{"type":["map","string"],"description_kind":"plain","computed":true},"download_uri":{"type":"string","description_kind":"plain","computed":true},"id":{"type":"string","description_kind":"plain","optional":true,"computed":true},"original_checksums":{"type":["map","string"],"description_kind":"plain","computed":true},"path":{"type":"string","description_kind":"plain","computed":true},"repo":{"type":"string","description_kind":"plain","computed":true},"repository_path":{"type":"string","description_kind":"plain","required":true},"size":{"type":"string","description_kind":"plain","computed":true}},"description_kind":"plain"}}}}}}
