{"format_version":"0.2","provider_schemas":{"registry.terraform.io/amirashad/awsconnect":{"provider":{"version":0,"block":{"description_kind":"plain"}},"resource_schemas":{"awsconnect_instance":{"version":0,"block":{"attributes":{"arn":{"type":"string","description_kind":"plain","optional":true,"computed":true},"id":{"type":"string","description_kind":"plain","optional":true,"computed":true},"identity_management_type":{"type":"string","description_kind":"plain","required":true},"inbound_calls_enabled":{"type":"bool","description_kind":"plain","required":true},"instance_alias":{"type":"string","description_kind":"plain","required":true},"instance_id":{"type":"string","description_kind":"plain","optional":true,"computed":true},"outbound_calls_enabled":{"type":"bool","description_kind":"plain","required":true}},"description_kind":"plain"}},"awsconnect_instance_contact_flow":{"version":0,"block":{"attributes":{"arn":{"type":"string","description_kind":"plain","optional":true,"computed":true},"content":{"type":"string","description_kind":"plain","required":true},"description":{"type":"string","description_kind":"plain","required":true},"id":{"type":"string","description_kind":"plain","optional":true,"computed":true},"instance_id":{"type":"string","description_kind":"plain","required":true},"name":{"type":"string","description_kind":"plain","required":true},"type":{"type":"string","description_kind":"plain","required":true}},"description_kind":"plain"}},"awsconnect_instance_lex_bot":{"version":0,"block":{"attributes":{"arn":{"type":"string","description_kind":"plain","optional":true,"computed":true},"id":{"type":"string","description_kind":"plain","optional":true,"computed":true},"instance_id":{"type":"string","description_kind":"plain","required":true},"lex_bot_name":{"type":"string","description_kind":"plain","required":true},"lex_bot_region":{"type":"string","description_kind":"plain","required":true}},"description_kind":"plain"}}},"data_source_schemas":{"awsconnect_instance":{"version":0,"block":{"attributes":{"arn":{"type":"string","description_kind":"plain","computed":true},"id":{"type":"string","description_kind":"plain","optional":true,"computed":true},"identity_management_type":{"type":"string","description_kind":"plain","computed":true},"inbound_calls_enabled":{"type":"bool","description_kind":"plain","computed":true},"instance_alias":{"type":"string","description_kind":"plain","computed":true},"instance_id":{"type":"string","description_kind":"plain","required":true},"outbound_calls_enabled":{"type":"bool","description_kind":"plain","computed":true}},"description_kind":"plain"}}}}}}
