{"format_version":"0.2","provider_schemas":{"registry.terraform.io/amosricky/adx":{"provider":{"version":0,"block":{"attributes":{"adx_endpoint":{"type":"string","description_kind":"plain","optional":true},"client_id":{"type":"string","description_kind":"plain","optional":true},"client_secret":{"type":"string","description_kind":"plain","optional":true,"sensitive":true},"tenant_id":{"type":"string","description_kind":"plain","optional":true}},"description_kind":"plain"}},"resource_schemas":{"adx_table":{"version":0,"block":{"attributes":{"database_name":{"type":"string","description_kind":"plain","required":true},"id":{"type":"string","description_kind":"plain","optional":true,"computed":true},"name":{"type":"string","description_kind":"plain","required":true},"table_schema":{"type":"string","description_kind":"plain","optional":true,"computed":true}},"block_types":{"column":{"nesting_mode":"list","block":{"attributes":{"name":{"type":"string","description_kind":"plain","required":true},"type":{"type":"string","description_kind":"plain","required":true}},"description_kind":"plain"}}},"description_kind":"plain"}},"adx_table_mapping":{"version":0,"block":{"attributes":{"database_name":{"type":"string","description_kind":"plain","required":true},"id":{"type":"string","description_kind":"plain","optional":true,"computed":true},"kind":{"type":"string","description_kind":"plain","required":true},"last_updated_on":{"type":"string","description_kind":"plain","optional":true,"computed":true},"name":{"type":"string","description_kind":"plain","required":true},"table_name":{"type":"string","description_kind":"plain","required":true}},"block_types":{"mapping":{"nesting_mode":"list","block":{"attributes":{"column":{"type":"string","description_kind":"plain","required":true},"datatype":{"type":"string","description_kind":"plain","required":true},"path":{"type":"string","description_kind":"plain","required":true},"transform":{"type":"string","description_kind":"plain","optional":true}},"description_kind":"plain"},"min_items":1}},"description_kind":"plain"}}}}}}
