{"format_version":"0.2","provider_schemas":{"registry.terraform.io/anasinnyk/onepassword":{"provider":{"version":0,"block":{"attributes":{"email":{"type":"string","description":"Set account email address","description_kind":"plain","optional":true},"password":{"type":"string","description":"Set account password","description_kind":"plain","optional":true},"secret_key":{"type":"string","description":"Set account secret key","description_kind":"plain","optional":true},"subdomain":{"type":"string","description":"Set alternative subdomain for 1password. From [subdomain].1password.com","description_kind":"plain","optional":true}},"description_kind":"plain"}},"resource_schemas":{"onepassword_group":{"version":0,"block":{"attributes":{"id":{"type":"string","description_kind":"plain","optional":true,"computed":true},"name":{"type":"string","description_kind":"plain","required":true},"state":{"type":"string","description_kind":"plain","computed":true}},"description_kind":"plain"}},"onepassword_group_member":{"version":0,"block":{"attributes":{"group":{"type":"string","description_kind":"plain","required":true},"id":{"type":"string","description_kind":"plain","optional":true,"computed":true},"user":{"type":"string","description_kind":"plain","required":true}},"description_kind":"plain"}},"onepassword_item_common":{"version":0,"block":{"attributes":{"id":{"type":"string","description_kind":"plain","optional":true,"computed":true},"name":{"type":"string","description_kind":"plain","optional":true},"notes":{"type":"string","description_kind":"plain","optional":true},"tags":{"type":["list","string"],"description_kind":"plain","optional":true},"template":{"type":"string","description_kind":"plain","required":true},"vault":{"type":"string","description_kind":"plain","optional":true}},"block_types":{"section":{"nesting_mode":"list","block":{"attributes":{"name":{"type":"string","description_kind":"plain","optional":true}},"block_types":{"field":{"nesting_mode":"list","block":{"attributes":{"card_type":{"type":"string","description_kind":"plain","optional":true},"concealed":{"type":"string","description_kind":"plain","optional":true,"sensitive":true},"date":{"type":"number","description_kind":"plain","optional":true},"email":{"type":"string","description_kind":"plain","optional":true},"month_year":{"type":"number","description":"Item login section field value for month year.","description_kind":"plain","optional":true},"name":{"type":"string","description_kind":"plain","optional":true},"phone":{"type":"string","description_kind":"plain","optional":true},"reference":{"type":"string","description_kind":"plain","optional":true},"sex":{"type":"string","description_kind":"plain","optional":true},"string":{"type":"string","description_kind":"plain","optional":true},"totp":{"type":"string","description_kind":"plain","optional":true,"sensitive":true},"url":{"type":"string","description_kind":"plain","optional":true}},"block_types":{"address":{"nesting_mode":"list","block":{"attributes":{"city":{"type":"string","description_kind":"plain","optional":true},"country":{"type":"string","description_kind":"plain","optional":true},"region":{"type":"string","description_kind":"plain","optional":true},"state":{"type":"string","description_kind":"plain","optional":true},"street":{"type":"string","description_kind":"plain","optional":true},"zip":{"type":"string","description_kind":"plain","optional":true}},"description_kind":"plain"}}},"description_kind":"plain"}}},"description_kind":"plain"}}},"description_kind":"plain"}},"onepassword_item_credit_card":{"version":0,"block":{"attributes":{"id":{"type":"string","description_kind":"plain","optional":true,"computed":true},"name":{"type":"string","description_kind":"plain","optional":true},"notes":{"type":"string","description_kind":"plain","optional":true},"tags":{"type":["list","string"],"description_kind":"plain","optional":true},"vault":{"type":"string","description_kind":"plain","optional":true}},"block_types":{"main":{"nesting_mode":"list","block":{"attributes":{"cardholder":{"type":"string","description_kind":"plain","optional":true},"cvv":{"type":"string","description_kind":"plain","optional":true,"sensitive":true},"expiry_date":{"type":"number","description_kind":"plain","optional":true},"number":{"type":"string","description_kind":"plain","optional":true},"title":{"type":"string","description_kind":"plain","optional":true},"type":{"type":"string","description_kind":"plain","optional":true},"valid_from":{"type":"number","description_kind":"plain","optional":true}},"block_types":{"field":{"nesting_mode":"list","block":{"attributes":{"card_type":{"type":"string","description_kind":"plain","optional":true},"concealed":{"type":"string","description_kind":"plain","optional":true,"sensitive":true},"date":{"type":"number","description_kind":"plain","optional":true},"email":{"type":"string","description_kind":"plain","optional":true},"month_year":{"type":"number","description":"Item login section field value for month year.","description_kind":"plain","optional":true},"name":{"type":"string","description_kind":"plain","optional":true},"phone":{"type":"string","description_kind":"plain","optional":true},"reference":{"type":"string","description_kind":"plain","optional":true},"sex":{"type":"string","description_kind":"plain","optional":true},"string":{"type":"string","description_kind":"plain","optional":true},"totp":{"type":"string","description_kind":"plain","optional":true,"sensitive":true},"url":{"type":"string","description_kind":"plain","optional":true}},"block_types":{"address":{"nesting_mode":"list","block":{"attributes":{"city":{"type":"string","description_kind":"plain","optional":true},"country":{"type":"string","description_kind":"plain","optional":true},"region":{"type":"string","description_kind":"plain","optional":true},"state":{"type":"string","description_kind":"plain","optional":true},"street":{"type":"string","description_kind":"plain","optional":true},"zip":{"type":"string","description_kind":"plain","optional":true}},"description_kind":"plain"}}},"description_kind":"plain"}}},"description_kind":"plain"},"max_items":1},"section":{"nesting_mode":"list","block":{"attributes":{"name":{"type":"string","description_kind":"plain","optional":true}},"block_types":{"field":{"nesting_mode":"list","block":{"attributes":{"card_type":{"type":"string","description_kind":"plain","optional":true},"concealed":{"type":"string","description_kind":"plain","optional":true,"sensitive":true},"date":{"type":"number","description_kind":"plain","optional":true},"email":{"type":"string","description_kind":"plain","optional":true},"month_year":{"type":"number","description":"Item login section field value for month year.","description_kind":"plain","optional":true},"name":{"type":"string","description_kind":"plain","optional":true},"phone":{"type":"string","description_kind":"plain","optional":true},"reference":{"type":"string","description_kind":"plain","optional":true},"sex":{"type":"string","description_kind":"plain","optional":true},"string":{"type":"string","description_kind":"plain","optional":true},"totp":{"type":"string","description_kind":"plain","optional":true,"sensitive":true},"url":{"type":"string","description_kind":"plain","optional":true}},"block_types":{"address":{"nesting_mode":"list","block":{"attributes":{"city":{"type":"string","description_kind":"plain","optional":true},"country":{"type":"string","description_kind":"plain","optional":true},"region":{"type":"string","description_kind":"plain","optional":true},"state":{"type":"string","description_kind":"plain","optional":true},"street":{"type":"string","description_kind":"plain","optional":true},"zip":{"type":"string","description_kind":"plain","optional":true}},"description_kind":"plain"}}},"description_kind":"plain"}}},"description_kind":"plain"}}},"description_kind":"plain"}},"onepassword_item_document":{"version":0,"block":{"attributes":{"content":{"type":"string","description_kind":"plain","optional":true,"computed":true},"file_path":{"type":"string","description_kind":"plain","required":true},"id":{"type":"string","description_kind":"plain","optional":true,"computed":true},"name":{"type":"string","description_kind":"plain","optional":true},"tags":{"type":["list","string"],"description_kind":"plain","optional":true},"vault":{"type":"string","description_kind":"plain","optional":true}},"description_kind":"plain"}},"onepassword_item_identity":{"version":0,"block":{"attributes":{"id":{"type":"string","description_kind":"plain","optional":true,"computed":true},"name":{"type":"string","description_kind":"plain","optional":true},"notes":{"type":"string","description_kind":"plain","optional":true},"tags":{"type":["list","string"],"description_kind":"plain","optional":true},"vault":{"type":"string","description_kind":"plain","optional":true}},"block_types":{"address":{"nesting_mode":"list","block":{"attributes":{"business_phone":{"type":"string","description_kind":"plain","optional":true},"cell_phone":{"type":"string","description_kind":"plain","optional":true},"default_phone":{"type":"string","description_kind":"plain","optional":true},"home_phone":{"type":"string","description_kind":"plain","optional":true},"title":{"type":"string","description_kind":"plain","optional":true}},"block_types":{"address":{"nesting_mode":"list","block":{"attributes":{"city":{"type":"string","description_kind":"plain","optional":true},"country":{"type":"string","description_kind":"plain","optional":true},"region":{"type":"string","description_kind":"plain","optional":true},"state":{"type":"string","description_kind":"plain","optional":true},"street":{"type":"string","description_kind":"plain","optional":true},"zip":{"type":"string","description_kind":"plain","optional":true}},"description_kind":"plain"}},"field":{"nesting_mode":"list","block":{"attributes":{"card_type":{"type":"string","description_kind":"plain","optional":true},"concealed":{"type":"string","description_kind":"plain","optional":true,"sensitive":true},"date":{"type":"number","description_kind":"plain","optional":true},"email":{"type":"string","description_kind":"plain","optional":true},"month_year":{"type":"number","description":"Item login section field value for month year.","description_kind":"plain","optional":true},"name":{"type":"string","description_kind":"plain","optional":true},"phone":{"type":"string","description_kind":"plain","optional":true},"reference":{"type":"string","description_kind":"plain","optional":true},"sex":{"type":"string","description_kind":"plain","optional":true},"string":{"type":"string","description_kind":"plain","optional":true},"totp":{"type":"string","description_kind":"plain","optional":true,"sensitive":true},"url":{"type":"string","description_kind":"plain","optional":true}},"block_types":{"address":{"nesting_mode":"list","block":{"attributes":{"city":{"type":"string","description_kind":"plain","optional":true},"country":{"type":"string","description_kind":"plain","optional":true},"region":{"type":"string","description_kind":"plain","optional":true},"state":{"type":"string","description_kind":"plain","optional":true},"street":{"type":"string","description_kind":"plain","optional":true},"zip":{"type":"string","description_kind":"plain","optional":true}},"description_kind":"plain"}}},"description_kind":"plain"}}},"description_kind":"plain"},"max_items":1},"identification":{"nesting_mode":"list","block":{"attributes":{"birth_date":{"type":"number","description_kind":"plain","optional":true},"company":{"type":"string","description_kind":"plain","optional":true},"department":{"type":"string","description_kind":"plain","optional":true},"firstname":{"type":"string","description_kind":"plain","optional":true},"initial":{"type":"string","description_kind":"plain","optional":true},"job_title":{"type":"string","description_kind":"plain","optional":true},"lastname":{"type":"string","description_kind":"plain","optional":true},"occupation":{"type":"string","description_kind":"plain","optional":true},"sex":{"type":"string","description_kind":"plain","optional":true},"title":{"type":"string","description_kind":"plain","optional":true}},"block_types":{"field":{"nesting_mode":"list","block":{"attributes":{"card_type":{"type":"string","description_kind":"plain","optional":true},"concealed":{"type":"string","description_kind":"plain","optional":true,"sensitive":true},"date":{"type":"number","description_kind":"plain","optional":true},"email":{"type":"string","description_kind":"plain","optional":true},"month_year":{"type":"number","description":"Item login section field value for month year.","description_kind":"plain","optional":true},"name":{"type":"string","description_kind":"plain","optional":true},"phone":{"type":"string","description_kind":"plain","optional":true},"reference":{"type":"string","description_kind":"plain","optional":true},"sex":{"type":"string","description_kind":"plain","optional":true},"string":{"type":"string","description_kind":"plain","optional":true},"totp":{"type":"string","description_kind":"plain","optional":true,"sensitive":true},"url":{"type":"string","description_kind":"plain","optional":true}},"block_types":{"address":{"nesting_mode":"list","block":{"attributes":{"city":{"type":"string","description_kind":"plain","optional":true},"country":{"type":"string","description_kind":"plain","optional":true},"region":{"type":"string","description_kind":"plain","optional":true},"state":{"type":"string","description_kind":"plain","optional":true},"street":{"type":"string","description_kind":"plain","optional":true},"zip":{"type":"string","description_kind":"plain","optional":true}},"description_kind":"plain"}}},"description_kind":"plain"}}},"description_kind":"plain"},"max_items":1},"internet":{"nesting_mode":"list","block":{"attributes":{"email":{"type":"string","description_kind":"plain","optional":true},"title":{"type":"string","description_kind":"plain","optional":true},"username":{"type":"string","description_kind":"plain","optional":true}},"block_types":{"field":{"nesting_mode":"list","block":{"attributes":{"card_type":{"type":"string","description_kind":"plain","optional":true},"concealed":{"type":"string","description_kind":"plain","optional":true,"sensitive":true},"date":{"type":"number","description_kind":"plain","optional":true},"email":{"type":"string","description_kind":"plain","optional":true},"month_year":{"type":"number","description":"Item login section field value for month year.","description_kind":"plain","optional":true},"name":{"type":"string","description_kind":"plain","optional":true},"phone":{"type":"string","description_kind":"plain","optional":true},"reference":{"type":"string","description_kind":"plain","optional":true},"sex":{"type":"string","description_kind":"plain","optional":true},"string":{"type":"string","description_kind":"plain","optional":true},"totp":{"type":"string","description_kind":"plain","optional":true,"sensitive":true},"url":{"type":"string","description_kind":"plain","optional":true}},"block_types":{"address":{"nesting_mode":"list","block":{"attributes":{"city":{"type":"string","description_kind":"plain","optional":true},"country":{"type":"string","description_kind":"plain","optional":true},"region":{"type":"string","description_kind":"plain","optional":true},"state":{"type":"string","description_kind":"plain","optional":true},"street":{"type":"string","description_kind":"plain","optional":true},"zip":{"type":"string","description_kind":"plain","optional":true}},"description_kind":"plain"}}},"description_kind":"plain"}}},"description_kind":"plain"},"max_items":1},"section":{"nesting_mode":"list","block":{"attributes":{"name":{"type":"string","description_kind":"plain","optional":true}},"block_types":{"field":{"nesting_mode":"list","block":{"attributes":{"card_type":{"type":"string","description_kind":"plain","optional":true},"concealed":{"type":"string","description_kind":"plain","optional":true,"sensitive":true},"date":{"type":"number","description_kind":"plain","optional":true},"email":{"type":"string","description_kind":"plain","optional":true},"month_year":{"type":"number","description":"Item login section field value for month year.","description_kind":"plain","optional":true},"name":{"type":"string","description_kind":"plain","optional":true},"phone":{"type":"string","description_kind":"plain","optional":true},"reference":{"type":"string","description_kind":"plain","optional":true},"sex":{"type":"string","description_kind":"plain","optional":true},"string":{"type":"string","description_kind":"plain","optional":true},"totp":{"type":"string","description_kind":"plain","optional":true,"sensitive":true},"url":{"type":"string","description_kind":"plain","optional":true}},"block_types":{"address":{"nesting_mode":"list","block":{"attributes":{"city":{"type":"string","description_kind":"plain","optional":true},"country":{"type":"string","description_kind":"plain","optional":true},"region":{"type":"string","description_kind":"plain","optional":true},"state":{"type":"string","description_kind":"plain","optional":true},"street":{"type":"string","description_kind":"plain","optional":true},"zip":{"type":"string","description_kind":"plain","optional":true}},"description_kind":"plain"}}},"description_kind":"plain"}}},"description_kind":"plain"}}},"description_kind":"plain"}},"onepassword_item_login":{"version":0,"block":{"attributes":{"id":{"type":"string","description_kind":"plain","optional":true,"computed":true},"name":{"type":"string","description_kind":"plain","optional":true},"notes":{"type":"string","description_kind":"plain","optional":true},"password":{"type":"string","description_kind":"plain","optional":true,"sensitive":true},"tags":{"type":["list","string"],"description_kind":"plain","optional":true},"url":{"type":"string","description_kind":"plain","optional":true},"username":{"type":"string","description_kind":"plain","optional":true},"vault":{"type":"string","description_kind":"plain","optional":true}},"block_types":{"section":{"nesting_mode":"list","block":{"attributes":{"name":{"type":"string","description_kind":"plain","optional":true}},"block_types":{"field":{"nesting_mode":"list","block":{"attributes":{"card_type":{"type":"string","description_kind":"plain","optional":true},"concealed":{"type":"string","description_kind":"plain","optional":true,"sensitive":true},"date":{"type":"number","description_kind":"plain","optional":true},"email":{"type":"string","description_kind":"plain","optional":true},"month_year":{"type":"number","description":"Item login section field value for month year.","description_kind":"plain","optional":true},"name":{"type":"string","description_kind":"plain","optional":true},"phone":{"type":"string","description_kind":"plain","optional":true},"reference":{"type":"string","description_kind":"plain","optional":true},"sex":{"type":"string","description_kind":"plain","optional":true},"string":{"type":"string","description_kind":"plain","optional":true},"totp":{"type":"string","description_kind":"plain","optional":true,"sensitive":true},"url":{"type":"string","description_kind":"plain","optional":true}},"block_types":{"address":{"nesting_mode":"list","block":{"attributes":{"city":{"type":"string","description_kind":"plain","optional":true},"country":{"type":"string","description_kind":"plain","optional":true},"region":{"type":"string","description_kind":"plain","optional":true},"state":{"type":"string","description_kind":"plain","optional":true},"street":{"type":"string","description_kind":"plain","optional":true},"zip":{"type":"string","description_kind":"plain","optional":true}},"description_kind":"plain"}}},"description_kind":"plain"}}},"description_kind":"plain"}}},"description_kind":"plain"}},"onepassword_item_password":{"version":0,"block":{"attributes":{"id":{"type":"string","description_kind":"plain","optional":true,"computed":true},"name":{"type":"string","description_kind":"plain","optional":true},"notes":{"type":"string","description_kind":"plain","optional":true},"password":{"type":"string","description_kind":"plain","optional":true,"sensitive":true},"tags":{"type":["list","string"],"description_kind":"plain","optional":true},"url":{"type":"string","description_kind":"plain","optional":true},"vault":{"type":"string","description_kind":"plain","optional":true}},"block_types":{"section":{"nesting_mode":"list","block":{"attributes":{"name":{"type":"string","description_kind":"plain","optional":true}},"block_types":{"field":{"nesting_mode":"list","block":{"attributes":{"card_type":{"type":"string","description_kind":"plain","optional":true},"concealed":{"type":"string","description_kind":"plain","optional":true,"sensitive":true},"date":{"type":"number","description_kind":"plain","optional":true},"email":{"type":"string","description_kind":"plain","optional":true},"month_year":{"type":"number","description":"Item login section field value for month year.","description_kind":"plain","optional":true},"name":{"type":"string","description_kind":"plain","optional":true},"phone":{"type":"string","description_kind":"plain","optional":true},"reference":{"type":"string","description_kind":"plain","optional":true},"sex":{"type":"string","description_kind":"plain","optional":true},"string":{"type":"string","description_kind":"plain","optional":true},"totp":{"type":"string","description_kind":"plain","optional":true,"sensitive":true},"url":{"type":"string","description_kind":"plain","optional":true}},"block_types":{"address":{"nesting_mode":"list","block":{"attributes":{"city":{"type":"string","description_kind":"plain","optional":true},"country":{"type":"string","description_kind":"plain","optional":true},"region":{"type":"string","description_kind":"plain","optional":true},"state":{"type":"string","description_kind":"plain","optional":true},"street":{"type":"string","description_kind":"plain","optional":true},"zip":{"type":"string","description_kind":"plain","optional":true}},"description_kind":"plain"}}},"description_kind":"plain"}}},"description_kind":"plain"}}},"description_kind":"plain"}},"onepassword_item_secure_note":{"version":0,"block":{"attributes":{"id":{"type":"string","description_kind":"plain","optional":true,"computed":true},"name":{"type":"string","description_kind":"plain","optional":true},"notes":{"type":"string","description_kind":"plain","optional":true},"tags":{"type":["list","string"],"description_kind":"plain","optional":true},"vault":{"type":"string","description_kind":"plain","optional":true}},"block_types":{"section":{"nesting_mode":"list","block":{"attributes":{"name":{"type":"string","description_kind":"plain","optional":true}},"block_types":{"field":{"nesting_mode":"list","block":{"attributes":{"card_type":{"type":"string","description_kind":"plain","optional":true},"concealed":{"type":"string","description_kind":"plain","optional":true,"sensitive":true},"date":{"type":"number","description_kind":"plain","optional":true},"email":{"type":"string","description_kind":"plain","optional":true},"month_year":{"type":"number","description":"Item login section field value for month year.","description_kind":"plain","optional":true},"name":{"type":"string","description_kind":"plain","optional":true},"phone":{"type":"string","description_kind":"plain","optional":true},"reference":{"type":"string","description_kind":"plain","optional":true},"sex":{"type":"string","description_kind":"plain","optional":true},"string":{"type":"string","description_kind":"plain","optional":true},"totp":{"type":"string","description_kind":"plain","optional":true,"sensitive":true},"url":{"type":"string","description_kind":"plain","optional":true}},"block_types":{"address":{"nesting_mode":"list","block":{"attributes":{"city":{"type":"string","description_kind":"plain","optional":true},"country":{"type":"string","description_kind":"plain","optional":true},"region":{"type":"string","description_kind":"plain","optional":true},"state":{"type":"string","description_kind":"plain","optional":true},"street":{"type":"string","description_kind":"plain","optional":true},"zip":{"type":"string","description_kind":"plain","optional":true}},"description_kind":"plain"}}},"description_kind":"plain"}}},"description_kind":"plain"}}},"description_kind":"plain"}},"onepassword_item_software_license":{"version":0,"block":{"attributes":{"id":{"type":"string","description_kind":"plain","optional":true,"computed":true},"name":{"type":"string","description_kind":"plain","optional":true},"notes":{"type":"string","description_kind":"plain","optional":true},"tags":{"type":["list","string"],"description_kind":"plain","optional":true},"vault":{"type":"string","description_kind":"plain","optional":true}},"block_types":{"main":{"nesting_mode":"list","block":{"attributes":{"license_key":{"type":"string","description_kind":"plain","optional":true},"title":{"type":"string","description_kind":"plain","optional":true}},"block_types":{"field":{"nesting_mode":"list","block":{"attributes":{"card_type":{"type":"string","description_kind":"plain","optional":true},"concealed":{"type":"string","description_kind":"plain","optional":true,"sensitive":true},"date":{"type":"number","description_kind":"plain","optional":true},"email":{"type":"string","description_kind":"plain","optional":true},"month_year":{"type":"number","description":"Item login section field value for month year.","description_kind":"plain","optional":true},"name":{"type":"string","description_kind":"plain","optional":true},"phone":{"type":"string","description_kind":"plain","optional":true},"reference":{"type":"string","description_kind":"plain","optional":true},"sex":{"type":"string","description_kind":"plain","optional":true},"string":{"type":"string","description_kind":"plain","optional":true},"totp":{"type":"string","description_kind":"plain","optional":true,"sensitive":true},"url":{"type":"string","description_kind":"plain","optional":true}},"block_types":{"address":{"nesting_mode":"list","block":{"attributes":{"city":{"type":"string","description_kind":"plain","optional":true},"country":{"type":"string","description_kind":"plain","optional":true},"region":{"type":"string","description_kind":"plain","optional":true},"state":{"type":"string","description_kind":"plain","optional":true},"street":{"type":"string","description_kind":"plain","optional":true},"zip":{"type":"string","description_kind":"plain","optional":true}},"description_kind":"plain"}}},"description_kind":"plain"}}},"description_kind":"plain"},"max_items":1},"section":{"nesting_mode":"list","block":{"attributes":{"name":{"type":"string","description_kind":"plain","optional":true}},"block_types":{"field":{"nesting_mode":"list","block":{"attributes":{"card_type":{"type":"string","description_kind":"plain","optional":true},"concealed":{"type":"string","description_kind":"plain","optional":true,"sensitive":true},"date":{"type":"number","description_kind":"plain","optional":true},"email":{"type":"string","description_kind":"plain","optional":true},"month_year":{"type":"number","description":"Item login section field value for month year.","description_kind":"plain","optional":true},"name":{"type":"string","description_kind":"plain","optional":true},"phone":{"type":"string","description_kind":"plain","optional":true},"reference":{"type":"string","description_kind":"plain","optional":true},"sex":{"type":"string","description_kind":"plain","optional":true},"string":{"type":"string","description_kind":"plain","optional":true},"totp":{"type":"string","description_kind":"plain","optional":true,"sensitive":true},"url":{"type":"string","description_kind":"plain","optional":true}},"block_types":{"address":{"nesting_mode":"list","block":{"attributes":{"city":{"type":"string","description_kind":"plain","optional":true},"country":{"type":"string","description_kind":"plain","optional":true},"region":{"type":"string","description_kind":"plain","optional":true},"state":{"type":"string","description_kind":"plain","optional":true},"street":{"type":"string","description_kind":"plain","optional":true},"zip":{"type":"string","description_kind":"plain","optional":true}},"description_kind":"plain"}}},"description_kind":"plain"}}},"description_kind":"plain"}}},"description_kind":"plain"}},"onepassword_vault":{"version":0,"block":{"attributes":{"id":{"type":"string","description_kind":"plain","optional":true,"computed":true},"name":{"type":"string","description_kind":"plain","required":true}},"description_kind":"plain"}}},"data_source_schemas":{"onepassword_group":{"version":0,"block":{"attributes":{"id":{"type":"string","description_kind":"plain","optional":true,"computed":true},"name":{"type":"string","description_kind":"plain","required":true},"state":{"type":"string","description_kind":"plain","computed":true}},"description_kind":"plain"}},"onepassword_item_common":{"version":0,"block":{"attributes":{"id":{"type":"string","description_kind":"plain","optional":true,"computed":true},"name":{"type":"string","description_kind":"plain","optional":true},"notes":{"type":"string","description_kind":"plain","optional":true},"tags":{"type":["list","string"],"description_kind":"plain","optional":true},"template":{"type":"string","description_kind":"plain","optional":true},"vault":{"type":"string","description_kind":"plain","optional":true}},"block_types":{"section":{"nesting_mode":"list","block":{"attributes":{"name":{"type":"string","description_kind":"plain","optional":true}},"block_types":{"field":{"nesting_mode":"list","block":{"attributes":{"card_type":{"type":"string","description_kind":"plain","optional":true},"concealed":{"type":"string","description_kind":"plain","optional":true,"sensitive":true},"date":{"type":"number","description_kind":"plain","optional":true},"email":{"type":"string","description_kind":"plain","optional":true},"month_year":{"type":"number","description":"Item login section field value for month year.","description_kind":"plain","optional":true},"name":{"type":"string","description_kind":"plain","optional":true},"phone":{"type":"string","description_kind":"plain","optional":true},"reference":{"type":"string","description_kind":"plain","optional":true},"sex":{"type":"string","description_kind":"plain","optional":true},"string":{"type":"string","description_kind":"plain","optional":true},"totp":{"type":"string","description_kind":"plain","optional":true,"sensitive":true},"url":{"type":"string","description_kind":"plain","optional":true}},"block_types":{"address":{"nesting_mode":"list","block":{"attributes":{"city":{"type":"string","description_kind":"plain","optional":true},"country":{"type":"string","description_kind":"plain","optional":true},"region":{"type":"string","description_kind":"plain","optional":true},"state":{"type":"string","description_kind":"plain","optional":true},"street":{"type":"string","description_kind":"plain","optional":true},"zip":{"type":"string","description_kind":"plain","optional":true}},"description_kind":"plain"}}},"description_kind":"plain"}}},"description_kind":"plain"}}},"description_kind":"plain"}},"onepassword_item_credit_card":{"version":0,"block":{"attributes":{"id":{"type":"string","description_kind":"plain","optional":true,"computed":true},"name":{"type":"string","description_kind":"plain","optional":true},"notes":{"type":"string","description_kind":"plain","optional":true},"tags":{"type":["list","string"],"description_kind":"plain","optional":true},"vault":{"type":"string","description_kind":"plain","optional":true}},"block_types":{"main":{"nesting_mode":"list","block":{"attributes":{"cardholder":{"type":"string","description_kind":"plain","optional":true},"cvv":{"type":"string","description_kind":"plain","optional":true,"sensitive":true},"expiry_date":{"type":"number","description_kind":"plain","optional":true},"number":{"type":"string","description_kind":"plain","optional":true},"title":{"type":"string","description_kind":"plain","optional":true},"type":{"type":"string","description_kind":"plain","optional":true},"valid_from":{"type":"number","description_kind":"plain","optional":true}},"block_types":{"field":{"nesting_mode":"list","block":{"attributes":{"card_type":{"type":"string","description_kind":"plain","optional":true},"concealed":{"type":"string","description_kind":"plain","optional":true,"sensitive":true},"date":{"type":"number","description_kind":"plain","optional":true},"email":{"type":"string","description_kind":"plain","optional":true},"month_year":{"type":"number","description":"Item login section field value for month year.","description_kind":"plain","optional":true},"name":{"type":"string","description_kind":"plain","optional":true},"phone":{"type":"string","description_kind":"plain","optional":true},"reference":{"type":"string","description_kind":"plain","optional":true},"sex":{"type":"string","description_kind":"plain","optional":true},"string":{"type":"string","description_kind":"plain","optional":true},"totp":{"type":"string","description_kind":"plain","optional":true,"sensitive":true},"url":{"type":"string","description_kind":"plain","optional":true}},"block_types":{"address":{"nesting_mode":"list","block":{"attributes":{"city":{"type":"string","description_kind":"plain","optional":true},"country":{"type":"string","description_kind":"plain","optional":true},"region":{"type":"string","description_kind":"plain","optional":true},"state":{"type":"string","description_kind":"plain","optional":true},"street":{"type":"string","description_kind":"plain","optional":true},"zip":{"type":"string","description_kind":"plain","optional":true}},"description_kind":"plain"}}},"description_kind":"plain"}}},"description_kind":"plain"},"max_items":1},"section":{"nesting_mode":"list","block":{"attributes":{"name":{"type":"string","description_kind":"plain","optional":true}},"block_types":{"field":{"nesting_mode":"list","block":{"attributes":{"card_type":{"type":"string","description_kind":"plain","optional":true},"concealed":{"type":"string","description_kind":"plain","optional":true,"sensitive":true},"date":{"type":"number","description_kind":"plain","optional":true},"email":{"type":"string","description_kind":"plain","optional":true},"month_year":{"type":"number","description":"Item login section field value for month year.","description_kind":"plain","optional":true},"name":{"type":"string","description_kind":"plain","optional":true},"phone":{"type":"string","description_kind":"plain","optional":true},"reference":{"type":"string","description_kind":"plain","optional":true},"sex":{"type":"string","description_kind":"plain","optional":true},"string":{"type":"string","description_kind":"plain","optional":true},"totp":{"type":"string","description_kind":"plain","optional":true,"sensitive":true},"url":{"type":"string","description_kind":"plain","optional":true}},"block_types":{"address":{"nesting_mode":"list","block":{"attributes":{"city":{"type":"string","description_kind":"plain","optional":true},"country":{"type":"string","description_kind":"plain","optional":true},"region":{"type":"string","description_kind":"plain","optional":true},"state":{"type":"string","description_kind":"plain","optional":true},"street":{"type":"string","description_kind":"plain","optional":true},"zip":{"type":"string","description_kind":"plain","optional":true}},"description_kind":"plain"}}},"description_kind":"plain"}}},"description_kind":"plain"}}},"description_kind":"plain"}},"onepassword_item_document":{"version":0,"block":{"attributes":{"content":{"type":"string","description_kind":"plain","optional":true,"computed":true},"id":{"type":"string","description_kind":"plain","optional":true,"computed":true},"name":{"type":"string","description_kind":"plain","optional":true},"tags":{"type":["list","string"],"description_kind":"plain","optional":true},"vault":{"type":"string","description_kind":"plain","optional":true}},"description_kind":"plain"}},"onepassword_item_identity":{"version":0,"block":{"attributes":{"id":{"type":"string","description_kind":"plain","optional":true,"computed":true},"name":{"type":"string","description_kind":"plain","optional":true},"notes":{"type":"string","description_kind":"plain","optional":true},"tags":{"type":["list","string"],"description_kind":"plain","optional":true},"vault":{"type":"string","description_kind":"plain","optional":true}},"block_types":{"address":{"nesting_mode":"list","block":{"attributes":{"business_phone":{"type":"string","description_kind":"plain","optional":true},"cell_phone":{"type":"string","description_kind":"plain","optional":true},"default_phone":{"type":"string","description_kind":"plain","optional":true},"home_phone":{"type":"string","description_kind":"plain","optional":true},"title":{"type":"string","description_kind":"plain","optional":true}},"block_types":{"address":{"nesting_mode":"list","block":{"attributes":{"city":{"type":"string","description_kind":"plain","optional":true},"country":{"type":"string","description_kind":"plain","optional":true},"region":{"type":"string","description_kind":"plain","optional":true},"state":{"type":"string","description_kind":"plain","optional":true},"street":{"type":"string","description_kind":"plain","optional":true},"zip":{"type":"string","description_kind":"plain","optional":true}},"description_kind":"plain"}},"field":{"nesting_mode":"list","block":{"attributes":{"card_type":{"type":"string","description_kind":"plain","optional":true},"concealed":{"type":"string","description_kind":"plain","optional":true,"sensitive":true},"date":{"type":"number","description_kind":"plain","optional":true},"email":{"type":"string","description_kind":"plain","optional":true},"month_year":{"type":"number","description":"Item login section field value for month year.","description_kind":"plain","optional":true},"name":{"type":"string","description_kind":"plain","optional":true},"phone":{"type":"string","description_kind":"plain","optional":true},"reference":{"type":"string","description_kind":"plain","optional":true},"sex":{"type":"string","description_kind":"plain","optional":true},"string":{"type":"string","description_kind":"plain","optional":true},"totp":{"type":"string","description_kind":"plain","optional":true,"sensitive":true},"url":{"type":"string","description_kind":"plain","optional":true}},"block_types":{"address":{"nesting_mode":"list","block":{"attributes":{"city":{"type":"string","description_kind":"plain","optional":true},"country":{"type":"string","description_kind":"plain","optional":true},"region":{"type":"string","description_kind":"plain","optional":true},"state":{"type":"string","description_kind":"plain","optional":true},"street":{"type":"string","description_kind":"plain","optional":true},"zip":{"type":"string","description_kind":"plain","optional":true}},"description_kind":"plain"}}},"description_kind":"plain"}}},"description_kind":"plain"},"max_items":1},"identification":{"nesting_mode":"list","block":{"attributes":{"birth_date":{"type":"number","description_kind":"plain","optional":true},"company":{"type":"string","description_kind":"plain","optional":true},"department":{"type":"string","description_kind":"plain","optional":true},"firstname":{"type":"string","description_kind":"plain","optional":true},"initial":{"type":"string","description_kind":"plain","optional":true},"job_title":{"type":"string","description_kind":"plain","optional":true},"lastname":{"type":"string","description_kind":"plain","optional":true},"occupation":{"type":"string","description_kind":"plain","optional":true},"sex":{"type":"string","description_kind":"plain","optional":true},"title":{"type":"string","description_kind":"plain","optional":true}},"block_types":{"field":{"nesting_mode":"list","block":{"attributes":{"card_type":{"type":"string","description_kind":"plain","optional":true},"concealed":{"type":"string","description_kind":"plain","optional":true,"sensitive":true},"date":{"type":"number","description_kind":"plain","optional":true},"email":{"type":"string","description_kind":"plain","optional":true},"month_year":{"type":"number","description":"Item login section field value for month year.","description_kind":"plain","optional":true},"name":{"type":"string","description_kind":"plain","optional":true},"phone":{"type":"string","description_kind":"plain","optional":true},"reference":{"type":"string","description_kind":"plain","optional":true},"sex":{"type":"string","description_kind":"plain","optional":true},"string":{"type":"string","description_kind":"plain","optional":true},"totp":{"type":"string","description_kind":"plain","optional":true,"sensitive":true},"url":{"type":"string","description_kind":"plain","optional":true}},"block_types":{"address":{"nesting_mode":"list","block":{"attributes":{"city":{"type":"string","description_kind":"plain","optional":true},"country":{"type":"string","description_kind":"plain","optional":true},"region":{"type":"string","description_kind":"plain","optional":true},"state":{"type":"string","description_kind":"plain","optional":true},"street":{"type":"string","description_kind":"plain","optional":true},"zip":{"type":"string","description_kind":"plain","optional":true}},"description_kind":"plain"}}},"description_kind":"plain"}}},"description_kind":"plain"},"max_items":1},"internet":{"nesting_mode":"list","block":{"attributes":{"email":{"type":"string","description_kind":"plain","optional":true},"title":{"type":"string","description_kind":"plain","optional":true},"username":{"type":"string","description_kind":"plain","optional":true}},"block_types":{"field":{"nesting_mode":"list","block":{"attributes":{"card_type":{"type":"string","description_kind":"plain","optional":true},"concealed":{"type":"string","description_kind":"plain","optional":true,"sensitive":true},"date":{"type":"number","description_kind":"plain","optional":true},"email":{"type":"string","description_kind":"plain","optional":true},"month_year":{"type":"number","description":"Item login section field value for month year.","description_kind":"plain","optional":true},"name":{"type":"string","description_kind":"plain","optional":true},"phone":{"type":"string","description_kind":"plain","optional":true},"reference":{"type":"string","description_kind":"plain","optional":true},"sex":{"type":"string","description_kind":"plain","optional":true},"string":{"type":"string","description_kind":"plain","optional":true},"totp":{"type":"string","description_kind":"plain","optional":true,"sensitive":true},"url":{"type":"string","description_kind":"plain","optional":true}},"block_types":{"address":{"nesting_mode":"list","block":{"attributes":{"city":{"type":"string","description_kind":"plain","optional":true},"country":{"type":"string","description_kind":"plain","optional":true},"region":{"type":"string","description_kind":"plain","optional":true},"state":{"type":"string","description_kind":"plain","optional":true},"street":{"type":"string","description_kind":"plain","optional":true},"zip":{"type":"string","description_kind":"plain","optional":true}},"description_kind":"plain"}}},"description_kind":"plain"}}},"description_kind":"plain"},"max_items":1},"section":{"nesting_mode":"list","block":{"attributes":{"name":{"type":"string","description_kind":"plain","optional":true}},"block_types":{"field":{"nesting_mode":"list","block":{"attributes":{"card_type":{"type":"string","description_kind":"plain","optional":true},"concealed":{"type":"string","description_kind":"plain","optional":true,"sensitive":true},"date":{"type":"number","description_kind":"plain","optional":true},"email":{"type":"string","description_kind":"plain","optional":true},"month_year":{"type":"number","description":"Item login section field value for month year.","description_kind":"plain","optional":true},"name":{"type":"string","description_kind":"plain","optional":true},"phone":{"type":"string","description_kind":"plain","optional":true},"reference":{"type":"string","description_kind":"plain","optional":true},"sex":{"type":"string","description_kind":"plain","optional":true},"string":{"type":"string","description_kind":"plain","optional":true},"totp":{"type":"string","description_kind":"plain","optional":true,"sensitive":true},"url":{"type":"string","description_kind":"plain","optional":true}},"block_types":{"address":{"nesting_mode":"list","block":{"attributes":{"city":{"type":"string","description_kind":"plain","optional":true},"country":{"type":"string","description_kind":"plain","optional":true},"region":{"type":"string","description_kind":"plain","optional":true},"state":{"type":"string","description_kind":"plain","optional":true},"street":{"type":"string","description_kind":"plain","optional":true},"zip":{"type":"string","description_kind":"plain","optional":true}},"description_kind":"plain"}}},"description_kind":"plain"}}},"description_kind":"plain"}}},"description_kind":"plain"}},"onepassword_item_login":{"version":0,"block":{"attributes":{"id":{"type":"string","description_kind":"plain","optional":true,"computed":true},"name":{"type":"string","description_kind":"plain","optional":true},"notes":{"type":"string","description_kind":"plain","optional":true},"password":{"type":"string","description_kind":"plain","optional":true,"sensitive":true},"tags":{"type":["list","string"],"description_kind":"plain","optional":true},"url":{"type":"string","description_kind":"plain","optional":true},"username":{"type":"string","description_kind":"plain","optional":true},"vault":{"type":"string","description_kind":"plain","optional":true}},"block_types":{"section":{"nesting_mode":"list","block":{"attributes":{"name":{"type":"string","description_kind":"plain","optional":true}},"block_types":{"field":{"nesting_mode":"list","block":{"attributes":{"card_type":{"type":"string","description_kind":"plain","optional":true},"concealed":{"type":"string","description_kind":"plain","optional":true,"sensitive":true},"date":{"type":"number","description_kind":"plain","optional":true},"email":{"type":"string","description_kind":"plain","optional":true},"month_year":{"type":"number","description":"Item login section field value for month year.","description_kind":"plain","optional":true},"name":{"type":"string","description_kind":"plain","optional":true},"phone":{"type":"string","description_kind":"plain","optional":true},"reference":{"type":"string","description_kind":"plain","optional":true},"sex":{"type":"string","description_kind":"plain","optional":true},"string":{"type":"string","description_kind":"plain","optional":true},"totp":{"type":"string","description_kind":"plain","optional":true,"sensitive":true},"url":{"type":"string","description_kind":"plain","optional":true}},"block_types":{"address":{"nesting_mode":"list","block":{"attributes":{"city":{"type":"string","description_kind":"plain","optional":true},"country":{"type":"string","description_kind":"plain","optional":true},"region":{"type":"string","description_kind":"plain","optional":true},"state":{"type":"string","description_kind":"plain","optional":true},"street":{"type":"string","description_kind":"plain","optional":true},"zip":{"type":"string","description_kind":"plain","optional":true}},"description_kind":"plain"}}},"description_kind":"plain"}}},"description_kind":"plain"}}},"description_kind":"plain"}},"onepassword_item_password":{"version":0,"block":{"attributes":{"id":{"type":"string","description_kind":"plain","optional":true,"computed":true},"name":{"type":"string","description_kind":"plain","optional":true},"notes":{"type":"string","description_kind":"plain","optional":true},"password":{"type":"string","description_kind":"plain","optional":true,"sensitive":true},"tags":{"type":["list","string"],"description_kind":"plain","optional":true},"url":{"type":"string","description_kind":"plain","optional":true},"vault":{"type":"string","description_kind":"plain","optional":true}},"block_types":{"section":{"nesting_mode":"list","block":{"attributes":{"name":{"type":"string","description_kind":"plain","optional":true}},"block_types":{"field":{"nesting_mode":"list","block":{"attributes":{"card_type":{"type":"string","description_kind":"plain","optional":true},"concealed":{"type":"string","description_kind":"plain","optional":true,"sensitive":true},"date":{"type":"number","description_kind":"plain","optional":true},"email":{"type":"string","description_kind":"plain","optional":true},"month_year":{"type":"number","description":"Item login section field value for month year.","description_kind":"plain","optional":true},"name":{"type":"string","description_kind":"plain","optional":true},"phone":{"type":"string","description_kind":"plain","optional":true},"reference":{"type":"string","description_kind":"plain","optional":true},"sex":{"type":"string","description_kind":"plain","optional":true},"string":{"type":"string","description_kind":"plain","optional":true},"totp":{"type":"string","description_kind":"plain","optional":true,"sensitive":true},"url":{"type":"string","description_kind":"plain","optional":true}},"block_types":{"address":{"nesting_mode":"list","block":{"attributes":{"city":{"type":"string","description_kind":"plain","optional":true},"country":{"type":"string","description_kind":"plain","optional":true},"region":{"type":"string","description_kind":"plain","optional":true},"state":{"type":"string","description_kind":"plain","optional":true},"street":{"type":"string","description_kind":"plain","optional":true},"zip":{"type":"string","description_kind":"plain","optional":true}},"description_kind":"plain"}}},"description_kind":"plain"}}},"description_kind":"plain"}}},"description_kind":"plain"}},"onepassword_item_secure_note":{"version":0,"block":{"attributes":{"id":{"type":"string","description_kind":"plain","optional":true,"computed":true},"name":{"type":"string","description_kind":"plain","optional":true},"notes":{"type":"string","description_kind":"plain","optional":true},"tags":{"type":["list","string"],"description_kind":"plain","optional":true},"vault":{"type":"string","description_kind":"plain","optional":true}},"block_types":{"section":{"nesting_mode":"list","block":{"attributes":{"name":{"type":"string","description_kind":"plain","optional":true}},"block_types":{"field":{"nesting_mode":"list","block":{"attributes":{"card_type":{"type":"string","description_kind":"plain","optional":true},"concealed":{"type":"string","description_kind":"plain","optional":true,"sensitive":true},"date":{"type":"number","description_kind":"plain","optional":true},"email":{"type":"string","description_kind":"plain","optional":true},"month_year":{"type":"number","description":"Item login section field value for month year.","description_kind":"plain","optional":true},"name":{"type":"string","description_kind":"plain","optional":true},"phone":{"type":"string","description_kind":"plain","optional":true},"reference":{"type":"string","description_kind":"plain","optional":true},"sex":{"type":"string","description_kind":"plain","optional":true},"string":{"type":"string","description_kind":"plain","optional":true},"totp":{"type":"string","description_kind":"plain","optional":true,"sensitive":true},"url":{"type":"string","description_kind":"plain","optional":true}},"block_types":{"address":{"nesting_mode":"list","block":{"attributes":{"city":{"type":"string","description_kind":"plain","optional":true},"country":{"type":"string","description_kind":"plain","optional":true},"region":{"type":"string","description_kind":"plain","optional":true},"state":{"type":"string","description_kind":"plain","optional":true},"street":{"type":"string","description_kind":"plain","optional":true},"zip":{"type":"string","description_kind":"plain","optional":true}},"description_kind":"plain"}}},"description_kind":"plain"}}},"description_kind":"plain"}}},"description_kind":"plain"}},"onepassword_item_software_license":{"version":0,"block":{"attributes":{"id":{"type":"string","description_kind":"plain","optional":true,"computed":true},"name":{"type":"string","description_kind":"plain","optional":true},"notes":{"type":"string","description_kind":"plain","optional":true},"tags":{"type":["list","string"],"description_kind":"plain","optional":true},"vault":{"type":"string","description_kind":"plain","optional":true}},"block_types":{"main":{"nesting_mode":"list","block":{"attributes":{"license_key":{"type":"string","description_kind":"plain","optional":true},"title":{"type":"string","description_kind":"plain","optional":true}},"block_types":{"field":{"nesting_mode":"list","block":{"attributes":{"card_type":{"type":"string","description_kind":"plain","optional":true},"concealed":{"type":"string","description_kind":"plain","optional":true,"sensitive":true},"date":{"type":"number","description_kind":"plain","optional":true},"email":{"type":"string","description_kind":"plain","optional":true},"month_year":{"type":"number","description":"Item login section field value for month year.","description_kind":"plain","optional":true},"name":{"type":"string","description_kind":"plain","optional":true},"phone":{"type":"string","description_kind":"plain","optional":true},"reference":{"type":"string","description_kind":"plain","optional":true},"sex":{"type":"string","description_kind":"plain","optional":true},"string":{"type":"string","description_kind":"plain","optional":true},"totp":{"type":"string","description_kind":"plain","optional":true,"sensitive":true},"url":{"type":"string","description_kind":"plain","optional":true}},"block_types":{"address":{"nesting_mode":"list","block":{"attributes":{"city":{"type":"string","description_kind":"plain","optional":true},"country":{"type":"string","description_kind":"plain","optional":true},"region":{"type":"string","description_kind":"plain","optional":true},"state":{"type":"string","description_kind":"plain","optional":true},"street":{"type":"string","description_kind":"plain","optional":true},"zip":{"type":"string","description_kind":"plain","optional":true}},"description_kind":"plain"}}},"description_kind":"plain"}}},"description_kind":"plain"},"max_items":1},"section":{"nesting_mode":"list","block":{"attributes":{"name":{"type":"string","description_kind":"plain","optional":true}},"block_types":{"field":{"nesting_mode":"list","block":{"attributes":{"card_type":{"type":"string","description_kind":"plain","optional":true},"concealed":{"type":"string","description_kind":"plain","optional":true,"sensitive":true},"date":{"type":"number","description_kind":"plain","optional":true},"email":{"type":"string","description_kind":"plain","optional":true},"month_year":{"type":"number","description":"Item login section field value for month year.","description_kind":"plain","optional":true},"name":{"type":"string","description_kind":"plain","optional":true},"phone":{"type":"string","description_kind":"plain","optional":true},"reference":{"type":"string","description_kind":"plain","optional":true},"sex":{"type":"string","description_kind":"plain","optional":true},"string":{"type":"string","description_kind":"plain","optional":true},"totp":{"type":"string","description_kind":"plain","optional":true,"sensitive":true},"url":{"type":"string","description_kind":"plain","optional":true}},"block_types":{"address":{"nesting_mode":"list","block":{"attributes":{"city":{"type":"string","description_kind":"plain","optional":true},"country":{"type":"string","description_kind":"plain","optional":true},"region":{"type":"string","description_kind":"plain","optional":true},"state":{"type":"string","description_kind":"plain","optional":true},"street":{"type":"string","description_kind":"plain","optional":true},"zip":{"type":"string","description_kind":"plain","optional":true}},"description_kind":"plain"}}},"description_kind":"plain"}}},"description_kind":"plain"}}},"description_kind":"plain"}},"onepassword_user":{"version":0,"block":{"attributes":{"email":{"type":"string","description_kind":"plain","required":true},"firstname":{"type":"string","description_kind":"plain","optional":true},"id":{"type":"string","description_kind":"plain","optional":true,"computed":true},"lastname":{"type":"string","description_kind":"plain","optional":true},"state":{"type":"string","description_kind":"plain","optional":true}},"description_kind":"plain"}},"onepassword_vault":{"version":0,"block":{"attributes":{"id":{"type":"string","description_kind":"plain","optional":true,"computed":true},"name":{"type":"string","description_kind":"plain","required":true}},"description_kind":"plain"}}}}}}
