{"format_version":"0.2","provider_schemas":{"registry.terraform.io/andrewmeissner/kafka":{"provider":{"version":0,"block":{"attributes":{"bootstrap_servers":{"type":["list","string"],"description":"a list of kafka brokers","description_kind":"plain","required":true}},"description_kind":"plain"}},"resource_schemas":{"kafka_topic":{"version":0,"block":{"attributes":{"id":{"type":"string","description_kind":"plain","optional":true,"computed":true},"last_updated":{"type":"string","description_kind":"plain","optional":true,"computed":true},"name":{"type":"string","description":"name of the topic","description_kind":"plain","required":true},"partitions":{"type":"number","description":"number of partitions","description_kind":"plain","required":true},"replication_factor":{"type":"number","description":"replication factor","description_kind":"plain","required":true}},"description":"Represents simplistic information about a kafka topic.  Altering any of these will force a new resource to be created.","description_kind":"plain"}}},"data_source_schemas":{"kafka_topic":{"version":0,"block":{"attributes":{"id":{"type":"string","description_kind":"plain","optional":true,"computed":true},"name":{"type":"string","description":"name of the topic","description_kind":"plain","required":true},"partitions":{"type":"number","description":"number of parititions on the topic","description_kind":"plain","computed":true},"replication_factor":{"type":"number","description":"replication factor on the topic","description_kind":"plain","computed":true}},"description":"Simplistic information about a kafka topic.","description_kind":"plain"}}}}}}
