{"format_version":"0.2","provider_schemas":{"registry.terraform.io/andrewstucki/godaddy":{"provider":{"version":0,"block":{"attributes":{"baseurl":{"type":"string","description":"GoDaddy Base Url(defaults to production).","description_kind":"plain","optional":true},"key":{"type":"string","description":"GoDaddy API Key.","description_kind":"plain","required":true},"secret":{"type":"string","description":"GoDaddy API Secret.","description_kind":"plain","required":true}},"description_kind":"plain"}},"resource_schemas":{"godaddy_domain_nameservers":{"version":0,"block":{"attributes":{"customer":{"type":"string","description_kind":"plain","optional":true},"domain":{"type":"string","description_kind":"plain","required":true},"id":{"type":"string","description_kind":"plain","optional":true,"computed":true},"nameservers":{"type":["list","string"],"description_kind":"plain","required":true}},"description_kind":"plain"}},"godaddy_domain_purchase":{"version":0,"block":{"attributes":{"auto_renew":{"type":"bool","description_kind":"plain","optional":true},"customer":{"type":"string","description_kind":"plain","optional":true},"domain":{"type":"string","description_kind":"plain","required":true},"enable_privacy":{"type":"bool","description_kind":"plain","optional":true},"id":{"type":"string","description_kind":"plain","optional":true,"computed":true},"nameservers":{"type":["list","string"],"description_kind":"plain","optional":true},"years_leased":{"type":"number","description_kind":"plain","required":true}},"block_types":{"admin":{"nesting_mode":"set","block":{"attributes":{"email":{"type":"string","description_kind":"plain","optional":true},"fax":{"type":"string","description_kind":"plain","optional":true},"first_name":{"type":"string","description_kind":"plain","optional":true},"job_title":{"type":"string","description_kind":"plain","optional":true},"last_name":{"type":"string","description_kind":"plain","optional":true},"middle_name":{"type":"string","description_kind":"plain","optional":true},"organization":{"type":"string","description_kind":"plain","optional":true},"phone":{"type":"string","description_kind":"plain","optional":true}},"block_types":{"address":{"nesting_mode":"set","block":{"attributes":{"city":{"type":"string","description_kind":"plain","optional":true},"country":{"type":"string","description_kind":"plain","optional":true},"line_1":{"type":"string","description_kind":"plain","optional":true},"line_2":{"type":"string","description_kind":"plain","optional":true},"postal_code":{"type":"string","description_kind":"plain","optional":true},"state":{"type":"string","description_kind":"plain","optional":true}},"description_kind":"plain"}}},"description_kind":"plain"}},"billing":{"nesting_mode":"set","block":{"attributes":{"email":{"type":"string","description_kind":"plain","optional":true},"fax":{"type":"string","description_kind":"plain","optional":true},"first_name":{"type":"string","description_kind":"plain","optional":true},"job_title":{"type":"string","description_kind":"plain","optional":true},"last_name":{"type":"string","description_kind":"plain","optional":true},"middle_name":{"type":"string","description_kind":"plain","optional":true},"organization":{"type":"string","description_kind":"plain","optional":true},"phone":{"type":"string","description_kind":"plain","optional":true}},"block_types":{"address":{"nesting_mode":"set","block":{"attributes":{"city":{"type":"string","description_kind":"plain","optional":true},"country":{"type":"string","description_kind":"plain","optional":true},"line_1":{"type":"string","description_kind":"plain","optional":true},"line_2":{"type":"string","description_kind":"plain","optional":true},"postal_code":{"type":"string","description_kind":"plain","optional":true},"state":{"type":"string","description_kind":"plain","optional":true}},"description_kind":"plain"}}},"description_kind":"plain"}},"registrant":{"nesting_mode":"set","block":{"attributes":{"email":{"type":"string","description_kind":"plain","optional":true},"fax":{"type":"string","description_kind":"plain","optional":true},"first_name":{"type":"string","description_kind":"plain","optional":true},"job_title":{"type":"string","description_kind":"plain","optional":true},"last_name":{"type":"string","description_kind":"plain","optional":true},"middle_name":{"type":"string","description_kind":"plain","optional":true},"organization":{"type":"string","description_kind":"plain","optional":true},"phone":{"type":"string","description_kind":"plain","optional":true}},"block_types":{"address":{"nesting_mode":"set","block":{"attributes":{"city":{"type":"string","description_kind":"plain","optional":true},"country":{"type":"string","description_kind":"plain","optional":true},"line_1":{"type":"string","description_kind":"plain","optional":true},"line_2":{"type":"string","description_kind":"plain","optional":true},"postal_code":{"type":"string","description_kind":"plain","optional":true},"state":{"type":"string","description_kind":"plain","optional":true}},"description_kind":"plain"}}},"description_kind":"plain"}},"tech":{"nesting_mode":"set","block":{"attributes":{"email":{"type":"string","description_kind":"plain","optional":true},"fax":{"type":"string","description_kind":"plain","optional":true},"first_name":{"type":"string","description_kind":"plain","optional":true},"job_title":{"type":"string","description_kind":"plain","optional":true},"last_name":{"type":"string","description_kind":"plain","optional":true},"middle_name":{"type":"string","description_kind":"plain","optional":true},"organization":{"type":"string","description_kind":"plain","optional":true},"phone":{"type":"string","description_kind":"plain","optional":true}},"block_types":{"address":{"nesting_mode":"set","block":{"attributes":{"city":{"type":"string","description_kind":"plain","optional":true},"country":{"type":"string","description_kind":"plain","optional":true},"line_1":{"type":"string","description_kind":"plain","optional":true},"line_2":{"type":"string","description_kind":"plain","optional":true},"postal_code":{"type":"string","description_kind":"plain","optional":true},"state":{"type":"string","description_kind":"plain","optional":true}},"description_kind":"plain"}}},"description_kind":"plain"}}},"description_kind":"plain"}},"godaddy_domain_record":{"version":0,"block":{"attributes":{"addresses":{"type":["list","string"],"description_kind":"plain","optional":true},"customer":{"type":"string","description_kind":"plain","optional":true},"domain":{"type":"string","description_kind":"plain","required":true},"id":{"type":"string","description_kind":"plain","optional":true,"computed":true},"nameservers":{"type":["list","string"],"description_kind":"plain","optional":true}},"block_types":{"record":{"nesting_mode":"set","block":{"attributes":{"data":{"type":"string","description_kind":"plain","required":true},"name":{"type":"string","description_kind":"plain","required":true},"port":{"type":"number","description_kind":"plain","optional":true},"priority":{"type":"number","description_kind":"plain","optional":true},"protocol":{"type":"string","description_kind":"plain","optional":true},"service":{"type":"string","description_kind":"plain","optional":true},"ttl":{"type":"number","description_kind":"plain","optional":true},"type":{"type":"string","description_kind":"plain","required":true},"weight":{"type":"number","description_kind":"plain","optional":true}},"description_kind":"plain"}}},"description_kind":"plain"}}}}}}
