{"format_version":"0.2","provider_schemas":{"registry.terraform.io/andrewchubatiuk/nostrap":{"provider":{"version":0,"block":{"description_kind":"plain"}},"resource_schemas":{"nostrap_acl_token":{"version":0,"block":{"attributes":{"accessor_id":{"type":"string","description":"Nomad Token Accessor ID","description_kind":"plain","computed":true},"address":{"type":"string","description":"Nomad cluster address","description_kind":"plain","required":true},"aws_region":{"type":"string","description":"AWS SSM Region","description_kind":"plain","required":true},"id":{"type":"string","description_kind":"plain","optional":true,"computed":true},"secret_id":{"type":"string","description":"Nomad Token Secret ID","description_kind":"plain","computed":true},"ssm_prefix":{"type":"string","description":"AWS SSM Prefix","description_kind":"plain","required":true}},"description_kind":"plain"}}}}}}
