{"format_version":"0.2","provider_schemas":{"registry.terraform.io/anton-kachurin/helmfile":{"provider":{"version":0,"block":{"attributes":{"max_diff_output_len":{"type":"number","description_kind":"plain","optional":true}},"description_kind":"plain"}},"resource_schemas":{"helmfile_embedding_example":{"version":0,"block":{"attributes":{"id":{"type":"string","description_kind":"plain","optional":true,"computed":true}},"block_types":{"embedded":{"nesting_mode":"list","block":{"attributes":{"apply_output":{"type":"string","description_kind":"plain","computed":true},"aws_profile":{"type":"string","description_kind":"plain","optional":true},"aws_region":{"type":"string","description_kind":"plain","optional":true},"binary":{"type":"string","description_kind":"plain","optional":true},"concurrency":{"type":"number","description_kind":"plain","optional":true},"content":{"type":"string","description_kind":"plain","optional":true},"diff_output":{"type":"string","description_kind":"plain","computed":true},"dirty":{"type":"bool","description_kind":"plain","optional":true},"environment":{"type":"string","description_kind":"plain","optional":true},"environment_variables":{"type":["map","string"],"description_kind":"plain","optional":true},"error":{"type":"string","description_kind":"plain","computed":true},"helm_binary":{"type":"string","description_kind":"plain","optional":true},"helm_diff_version":{"type":"string","description_kind":"plain","optional":true},"helm_version":{"type":"string","description_kind":"plain","optional":true},"kubeconfig":{"type":"string","description_kind":"plain","required":true},"path":{"type":"string","description_kind":"plain","optional":true},"releases_values":{"type":["map","string"],"description_kind":"plain","optional":true},"selector":{"type":["map","string"],"description_kind":"plain","optional":true},"selectors":{"type":["list","string"],"description_kind":"plain","optional":true},"skip_diff_on_missing_files":{"type":["list","string"],"description_kind":"plain","optional":true},"values":{"type":["list","string"],"description_kind":"plain","optional":true},"values_files":{"type":["list","string"],"description_kind":"plain","optional":true},"version":{"type":"string","description_kind":"plain","optional":true},"working_directory":{"type":"string","description_kind":"plain","optional":true}},"block_types":{"aws_assume_role":{"nesting_mode":"list","block":{"attributes":{"duration_seconds":{"type":"number","description":"Seconds to restrict the assume role session duration.","description_kind":"plain","optional":true},"external_id":{"type":"string","description":"Unique identifier that might be required for assuming a role in another account.","description_kind":"plain","optional":true},"policy":{"type":"string","description":"IAM Policy JSON describing further restricting permissions for the IAM Role being assumed.","description_kind":"plain","optional":true},"policy_arns":{"type":["set","string"],"description":"Amazon Resource Names (ARNs) of IAM Policies describing further restricting permissions for the IAM Role being assumed.","description_kind":"plain","optional":true},"role_arn":{"type":"string","description":"Amazon Resource Name of an IAM Role to assume prior to making API calls.","description_kind":"plain","optional":true},"session_name":{"type":"string","description":"Identifier for the assumed role session.","description_kind":"plain","optional":true},"tags":{"type":["map","string"],"description":"Assume role session tags.","description_kind":"plain","optional":true},"transitive_tag_keys":{"type":["set","string"],"description":"Assume role session tag keys to pass to any subsequent sessions.","description_kind":"plain","optional":true}},"description_kind":"plain"},"max_items":1}},"description_kind":"plain"}}},"description_kind":"plain"}},"helmfile_release":{"version":0,"block":{"attributes":{"apply_output":{"type":"string","description_kind":"plain","computed":true},"atomic":{"type":"bool","description_kind":"plain","optional":true},"aws_profile":{"type":"string","description_kind":"plain","optional":true},"aws_region":{"type":"string","description_kind":"plain","optional":true},"binary":{"type":"string","description_kind":"plain","optional":true},"chart":{"type":"string","description_kind":"plain","required":true},"cleanup_on_fail":{"type":"bool","description_kind":"plain","optional":true},"diff_output":{"type":"string","description_kind":"plain","computed":true},"dirty":{"type":"bool","description_kind":"plain","optional":true},"error":{"type":"string","description_kind":"plain","computed":true},"force":{"type":"bool","description_kind":"plain","optional":true},"helm_binary":{"type":"string","description_kind":"plain","optional":true},"helm_version":{"type":"string","description_kind":"plain","optional":true},"id":{"type":"string","description_kind":"plain","optional":true,"computed":true},"kubeconfig":{"type":"string","description_kind":"plain","required":true},"kubecontext":{"type":"string","description_kind":"plain","optional":true},"name":{"type":"string","description_kind":"plain","optional":true},"namespace":{"type":"string","description_kind":"plain","optional":true},"timeout":{"type":"number","description_kind":"plain","optional":true},"values":{"type":["list","string"],"description_kind":"plain","optional":true},"verify":{"type":"bool","description_kind":"plain","optional":true},"version":{"type":"string","description_kind":"plain","optional":true},"wait":{"type":"bool","description_kind":"plain","optional":true},"working_directory":{"type":"string","description_kind":"plain","optional":true}},"block_types":{"aws_assume_role":{"nesting_mode":"list","block":{"attributes":{"duration_seconds":{"type":"number","description":"Seconds to restrict the assume role session duration.","description_kind":"plain","optional":true},"external_id":{"type":"string","description":"Unique identifier that might be required for assuming a role in another account.","description_kind":"plain","optional":true},"policy":{"type":"string","description":"IAM Policy JSON describing further restricting permissions for the IAM Role being assumed.","description_kind":"plain","optional":true},"policy_arns":{"type":["set","string"],"description":"Amazon Resource Names (ARNs) of IAM Policies describing further restricting permissions for the IAM Role being assumed.","description_kind":"plain","optional":true},"role_arn":{"type":"string","description":"Amazon Resource Name of an IAM Role to assume prior to making API calls.","description_kind":"plain","optional":true},"session_name":{"type":"string","description":"Identifier for the assumed role session.","description_kind":"plain","optional":true},"tags":{"type":["map","string"],"description":"Assume role session tags.","description_kind":"plain","optional":true},"transitive_tag_keys":{"type":["set","string"],"description":"Assume role session tag keys to pass to any subsequent sessions.","description_kind":"plain","optional":true}},"description_kind":"plain"},"max_items":1}},"description_kind":"plain"}},"helmfile_release_set":{"version":0,"block":{"attributes":{"apply_output":{"type":"string","description_kind":"plain","computed":true},"aws_profile":{"type":"string","description_kind":"plain","optional":true},"aws_region":{"type":"string","description_kind":"plain","optional":true},"binary":{"type":"string","description_kind":"plain","optional":true},"concurrency":{"type":"number","description_kind":"plain","optional":true},"content":{"type":"string","description_kind":"plain","optional":true},"diff_output":{"type":"string","description_kind":"plain","computed":true},"dirty":{"type":"bool","description_kind":"plain","optional":true},"environment":{"type":"string","description_kind":"plain","optional":true},"environment_variables":{"type":["map","string"],"description_kind":"plain","optional":true},"error":{"type":"string","description_kind":"plain","computed":true},"helm_binary":{"type":"string","description_kind":"plain","optional":true},"helm_diff_version":{"type":"string","description_kind":"plain","optional":true},"helm_version":{"type":"string","description_kind":"plain","optional":true},"id":{"type":"string","description_kind":"plain","optional":true,"computed":true},"kubeconfig":{"type":"string","description_kind":"plain","required":true},"path":{"type":"string","description_kind":"plain","optional":true},"releases_values":{"type":["map","string"],"description_kind":"plain","optional":true},"selector":{"type":["map","string"],"description_kind":"plain","optional":true},"selectors":{"type":["list","string"],"description_kind":"plain","optional":true},"skip_diff_on_missing_files":{"type":["list","string"],"description_kind":"plain","optional":true},"values":{"type":["list","string"],"description_kind":"plain","optional":true},"values_files":{"type":["list","string"],"description_kind":"plain","optional":true},"version":{"type":"string","description_kind":"plain","optional":true},"working_directory":{"type":"string","description_kind":"plain","optional":true}},"block_types":{"aws_assume_role":{"nesting_mode":"list","block":{"attributes":{"duration_seconds":{"type":"number","description":"Seconds to restrict the assume role session duration.","description_kind":"plain","optional":true},"external_id":{"type":"string","description":"Unique identifier that might be required for assuming a role in another account.","description_kind":"plain","optional":true},"policy":{"type":"string","description":"IAM Policy JSON describing further restricting permissions for the IAM Role being assumed.","description_kind":"plain","optional":true},"policy_arns":{"type":["set","string"],"description":"Amazon Resource Names (ARNs) of IAM Policies describing further restricting permissions for the IAM Role being assumed.","description_kind":"plain","optional":true},"role_arn":{"type":"string","description":"Amazon Resource Name of an IAM Role to assume prior to making API calls.","description_kind":"plain","optional":true},"session_name":{"type":"string","description":"Identifier for the assumed role session.","description_kind":"plain","optional":true},"tags":{"type":["map","string"],"description":"Assume role session tags.","description_kind":"plain","optional":true},"transitive_tag_keys":{"type":["set","string"],"description":"Assume role session tag keys to pass to any subsequent sessions.","description_kind":"plain","optional":true}},"description_kind":"plain"},"max_items":1}},"description_kind":"plain"}}}}}}
