{"format_version":"0.2","provider_schemas":{"registry.terraform.io/apsara-stack/apsarastack":{"provider":{"version":0,"block":{"attributes":{"access_key":{"type":"string","description":"The access key for API operations. You can retrieve this from the 'Security Management' section of the ApsaraStack console.","description_kind":"plain","optional":true},"configuration_source":{"type":"string","description_kind":"plain","optional":true},"department":{"type":"string","description_kind":"plain","optional":true},"domain":{"type":"string","description":"Use this to override the default domain. It's typically used to connect to custom domain.","description_kind":"plain","optional":true},"ecs_role_name":{"type":"string","description_kind":"plain","optional":true},"fc":{"type":"string","description_kind":"plain","deprecated":true,"optional":true},"insecure":{"type":"bool","description":"Use this to Trust self-signed certificates. It's typically used to allow insecure connections","description_kind":"plain","optional":true},"profile":{"type":"string","description_kind":"plain","optional":true},"protocol":{"type":"string","description_kind":"plain","optional":true},"proxy":{"type":"string","description":"Use this to set proxy connection","description_kind":"plain","optional":true},"region":{"type":"string","description_kind":"plain","optional":true},"resource_group":{"type":"string","description_kind":"plain","optional":true},"resource_group_set_name":{"type":"string","description_kind":"plain","required":true},"secret_key":{"type":"string","description":"The secret key for API operations. You can retrieve this from the 'Security Management' section of the ApsaraStackconsole.","description_kind":"plain","optional":true},"security_token":{"type":"string","description":"security token. A security token is only required if you are using Security Token Service.","description_kind":"plain","optional":true},"shared_credentials_file":{"type":"string","description_kind":"plain","optional":true},"skip_region_validation":{"type":"bool","description_kind":"plain","optional":true}},"block_types":{"assume_role":{"nesting_mode":"set","block":{"attributes":{"policy":{"type":"string","description_kind":"plain","optional":true},"role_arn":{"type":"string","description_kind":"plain","optional":true},"session_expiration":{"type":"number","description_kind":"plain","optional":true},"session_name":{"type":"string","description_kind":"plain","optional":true}},"description_kind":"plain"},"max_items":1},"endpoints":{"nesting_mode":"set","block":{"attributes":{"actiontrail":{"type":"string","description_kind":"plain","optional":true},"adb":{"type":"string","description_kind":"plain","optional":true},"alikafka":{"type":"string","description_kind":"plain","optional":true},"apigateway":{"type":"string","description_kind":"plain","optional":true},"ascm":{"type":"string","description_kind":"plain","optional":true},"bssopenapi":{"type":"string","description_kind":"plain","optional":true},"cas":{"type":"string","description_kind":"plain","optional":true},"cbn":{"type":"string","description_kind":"plain","optional":true},"cdn":{"type":"string","description_kind":"plain","optional":true},"cen":{"type":"string","description_kind":"plain","optional":true},"cms":{"type":"string","description_kind":"plain","optional":true},"cr":{"type":"string","description_kind":"plain","optional":true},"cs":{"type":"string","description_kind":"plain","optional":true},"datahub":{"type":"string","description_kind":"plain","optional":true},"ddosbgp":{"type":"string","description_kind":"plain","optional":true},"ddoscoo":{"type":"string","description_kind":"plain","optional":true},"dds":{"type":"string","description_kind":"plain","optional":true},"dns":{"type":"string","description_kind":"plain","optional":true},"drds":{"type":"string","description_kind":"plain","optional":true},"ecs":{"type":"string","description_kind":"plain","optional":true},"elasticsearch":{"type":"string","description_kind":"plain","optional":true},"emr":{"type":"string","description_kind":"plain","optional":true},"ess":{"type":"string","description_kind":"plain","optional":true},"fc":{"type":"string","description_kind":"plain","optional":true},"gpdb":{"type":"string","description_kind":"plain","optional":true},"kms":{"type":"string","description_kind":"plain","optional":true},"kvstore":{"type":"string","description_kind":"plain","optional":true},"location":{"type":"string","description_kind":"plain","optional":true},"log":{"type":"string","description_kind":"plain","optional":true},"market":{"type":"string","description_kind":"plain","optional":true},"maxcompute":{"type":"string","description_kind":"plain","optional":true},"mns":{"type":"string","description_kind":"plain","optional":true},"nas":{"type":"string","description_kind":"plain","optional":true},"ons":{"type":"string","description_kind":"plain","optional":true},"oss":{"type":"string","description_kind":"plain","optional":true},"ots":{"type":"string","description_kind":"plain","optional":true},"polardb":{"type":"string","description_kind":"plain","optional":true},"pvtz":{"type":"string","description_kind":"plain","optional":true},"ram":{"type":"string","description_kind":"plain","optional":true},"rds":{"type":"string","description_kind":"plain","optional":true},"slb":{"type":"string","description_kind":"plain","optional":true},"vpc":{"type":"string","description_kind":"plain","optional":true}},"description_kind":"plain"}}},"description_kind":"plain"}},"resource_schemas":{"apsarastack_ascm_custom_role":{"version":0,"block":{"attributes":{"description":{"type":"string","description_kind":"plain","optional":true},"id":{"type":"string","description_kind":"plain","optional":true,"computed":true},"organization_visibility":{"type":"string","description_kind":"plain","required":true},"privileges":{"type":["set","string"],"description_kind":"plain","required":true},"role_id":{"type":"number","description_kind":"plain","computed":true},"role_name":{"type":"string","description_kind":"plain","required":true},"role_range":{"type":"string","description_kind":"plain","required":true}},"description_kind":"plain"}},"apsarastack_ascm_logon_policy":{"version":0,"block":{"attributes":{"description":{"type":"string","description_kind":"plain","optional":true},"id":{"type":"string","description_kind":"plain","optional":true,"computed":true},"name":{"type":"string","description_kind":"plain","required":true},"policy_id":{"type":"number","description_kind":"plain","computed":true},"rule":{"type":"string","description_kind":"plain","optional":true}},"block_types":{"time_range":{"nesting_mode":"list","block":{"attributes":{"config":{"type":"string","description_kind":"plain","optional":true},"disabled":{"type":"bool","description_kind":"plain","optional":true},"name":{"type":"string","description_kind":"plain","optional":true}},"description_kind":"plain"}}},"description_kind":"plain"}},"apsarastack_ascm_organization":{"version":0,"block":{"attributes":{"id":{"type":"string","description_kind":"plain","optional":true,"computed":true},"name":{"type":"string","description_kind":"plain","required":true},"org_id":{"type":"string","description_kind":"plain","computed":true},"parent_id":{"type":"string","description_kind":"plain","optional":true},"person_num":{"type":"string","description_kind":"plain","optional":true},"resource_group_num":{"type":"string","description_kind":"plain","optional":true}},"description_kind":"plain"}},"apsarastack_ascm_password_policy":{"version":0,"block":{"attributes":{"hard_expiry":{"type":"bool","description_kind":"plain","optional":true},"id":{"type":"string","description_kind":"plain","optional":true,"computed":true},"max_login_attempts":{"type":"number","description_kind":"plain","optional":true},"max_password_age":{"type":"number","description_kind":"plain","optional":true},"minimum_password_length":{"type":"number","description_kind":"plain","optional":true},"password_reuse_prevention":{"type":"number","description_kind":"plain","optional":true},"require_lowercase_characters":{"type":"bool","description_kind":"plain","optional":true},"require_numbers":{"type":"bool","description_kind":"plain","optional":true},"require_symbols":{"type":"bool","description_kind":"plain","optional":true},"require_uppercase_characters":{"type":"bool","description_kind":"plain","optional":true}},"description_kind":"plain"}},"apsarastack_ascm_quota":{"version":0,"block":{"attributes":{"cluster_name":{"type":"string","description_kind":"plain","optional":true},"id":{"type":"string","description_kind":"plain","optional":true,"computed":true},"product_name":{"type":"string","description_kind":"plain","required":true},"quota_id":{"type":"number","description_kind":"plain","computed":true},"quota_type":{"type":"string","description_kind":"plain","required":true},"quota_type_id":{"type":"string","description_kind":"plain","required":true},"region_name":{"type":"string","description_kind":"plain","optional":true},"target_type":{"type":"string","description_kind":"plain","optional":true},"total_amount":{"type":"number","description_kind":"plain","optional":true},"total_cpu":{"type":"number","description_kind":"plain","optional":true},"total_cu":{"type":"number","description_kind":"plain","optional":true},"total_disk":{"type":"number","description_kind":"plain","optional":true},"total_disk_cloud_efficiency":{"type":"number","description_kind":"plain","optional":true},"total_disk_cloud_ssd":{"type":"number","description_kind":"plain","optional":true},"total_eip":{"type":"number","description_kind":"plain","optional":true},"total_gpu":{"type":"number","description_kind":"plain","optional":true},"total_mem":{"type":"number","description_kind":"plain","optional":true},"total_vip_internal":{"type":"number","description_kind":"plain","optional":true},"total_vip_public":{"type":"number","description_kind":"plain","optional":true},"total_vpc":{"type":"number","description_kind":"plain","optional":true}},"description_kind":"plain"}},"apsarastack_ascm_ram_policy":{"version":0,"block":{"attributes":{"description":{"type":"string","description_kind":"plain","optional":true},"id":{"type":"string","description_kind":"plain","optional":true,"computed":true},"name":{"type":"string","description_kind":"plain","required":true},"policy_document":{"type":"string","description_kind":"plain","required":true},"ram_id":{"type":"string","description_kind":"plain","computed":true}},"description_kind":"plain"}},"apsarastack_ascm_ram_policy_for_role":{"version":0,"block":{"attributes":{"id":{"type":"string","description_kind":"plain","optional":true,"computed":true},"ram_policy_id":{"type":"string","description_kind":"plain","required":true},"role_id":{"type":"number","description_kind":"plain","required":true}},"description_kind":"plain"}},"apsarastack_ascm_ram_role":{"version":0,"block":{"attributes":{"description":{"type":"string","description_kind":"plain","optional":true},"id":{"type":"string","description_kind":"plain","optional":true,"computed":true},"organization_visibility":{"type":"string","description_kind":"plain","required":true},"role_id":{"type":"number","description_kind":"plain","computed":true},"role_name":{"type":"string","description_kind":"plain","required":true}},"description_kind":"plain"}},"apsarastack_ascm_resource_group":{"version":0,"block":{"attributes":{"id":{"type":"string","description_kind":"plain","optional":true,"computed":true},"name":{"type":"string","description_kind":"plain","required":true},"organization_id":{"type":"string","description_kind":"plain","required":true},"rg_id":{"type":"string","description_kind":"plain","computed":true}},"description_kind":"plain"}},"apsarastack_ascm_user":{"version":0,"block":{"attributes":{"cellphone_number":{"type":"string","description_kind":"plain","required":true},"display_name":{"type":"string","description_kind":"plain","required":true},"email":{"type":"string","description_kind":"plain","required":true},"id":{"type":"string","description_kind":"plain","optional":true,"computed":true},"login_name":{"type":"string","description_kind":"plain","required":true},"login_policy_id":{"type":"number","description_kind":"plain","optional":true},"mobile_nation_code":{"type":"string","description_kind":"plain","required":true},"organization_id":{"type":"string","description_kind":"plain","required":true},"role_id":{"type":"number","description_kind":"plain","computed":true},"role_ids":{"type":["set","string"],"description_kind":"plain","optional":true},"telephone_number":{"type":"string","description_kind":"plain","optional":true},"user_id":{"type":"number","description_kind":"plain","computed":true}},"description_kind":"plain"}},"apsarastack_ascm_user_role_binding":{"version":0,"block":{"attributes":{"id":{"type":"string","description_kind":"plain","optional":true,"computed":true},"login_name":{"type":"string","description_kind":"plain","required":true},"role_ids":{"type":["set","number"],"description_kind":"plain","optional":true}},"description_kind":"plain"}},"apsarastack_cms_alarm":{"version":0,"block":{"attributes":{"contact_groups":{"type":["list","string"],"description_kind":"plain","required":true},"dimensions":{"type":["map","string"],"description_kind":"plain","required":true},"effective_interval":{"type":"string","description_kind":"plain","optional":true},"enabled":{"type":"bool","description_kind":"plain","optional":true},"id":{"type":"string","description_kind":"plain","optional":true,"computed":true},"metric":{"type":"string","description_kind":"plain","required":true},"name":{"type":"string","description_kind":"plain","required":true},"period":{"type":"number","description_kind":"plain","optional":true},"project":{"type":"string","description_kind":"plain","required":true},"silence_time":{"type":"number","description_kind":"plain","optional":true},"status":{"type":"string","description_kind":"plain","computed":true},"webhook":{"type":"string","description_kind":"plain","optional":true}},"block_types":{"escalations_critical":{"nesting_mode":"list","block":{"attributes":{"comparison_operator":{"type":"string","description_kind":"plain","optional":true},"statistics":{"type":"string","description_kind":"plain","optional":true},"threshold":{"type":"string","description_kind":"plain","optional":true},"times":{"type":"number","description_kind":"plain","optional":true}},"description_kind":"plain"},"max_items":1},"escalations_info":{"nesting_mode":"list","block":{"attributes":{"comparison_operator":{"type":"string","description_kind":"plain","optional":true},"statistics":{"type":"string","description_kind":"plain","optional":true},"threshold":{"type":"string","description_kind":"plain","optional":true},"times":{"type":"number","description_kind":"plain","optional":true}},"description_kind":"plain"},"max_items":1},"escalations_warn":{"nesting_mode":"list","block":{"attributes":{"comparison_operator":{"type":"string","description_kind":"plain","optional":true},"statistics":{"type":"string","description_kind":"plain","optional":true},"threshold":{"type":"string","description_kind":"plain","optional":true},"times":{"type":"number","description_kind":"plain","optional":true}},"description_kind":"plain"},"max_items":1}},"description_kind":"plain"}},"apsarastack_cms_alarm_contact":{"version":0,"block":{"attributes":{"alarm_contact_name":{"type":"string","description_kind":"plain","required":true},"channels_aliim":{"type":"string","description_kind":"plain","optional":true},"channels_ding_web_hook":{"type":"string","description_kind":"plain","optional":true},"channels_mail":{"type":"string","description_kind":"plain","optional":true},"channels_sms":{"type":"string","description_kind":"plain","optional":true},"describe":{"type":"string","description_kind":"plain","required":true},"id":{"type":"string","description_kind":"plain","optional":true,"computed":true},"lang":{"type":"string","description_kind":"plain","optional":true}},"description_kind":"plain"}},"apsarastack_cms_alarm_contact_group":{"version":0,"block":{"attributes":{"alarm_contact_group_name":{"type":"string","description_kind":"plain","required":true},"contacts":{"type":["set","string"],"description_kind":"plain","optional":true},"describe":{"type":"string","description_kind":"plain","optional":true},"enable_subscribed":{"type":"bool","description_kind":"plain","optional":true,"computed":true},"id":{"type":"string","description_kind":"plain","optional":true,"computed":true}},"description_kind":"plain"}},"apsarastack_cms_site_monitor":{"version":0,"block":{"attributes":{"address":{"type":"string","description_kind":"plain","required":true},"alert_ids":{"type":["list","string"],"description_kind":"plain","optional":true},"create_time":{"type":"string","description_kind":"plain","computed":true},"id":{"type":"string","description_kind":"plain","optional":true,"computed":true},"interval":{"type":"number","description_kind":"plain","optional":true},"options_json":{"type":"string","description_kind":"plain","optional":true},"task_name":{"type":"string","description_kind":"plain","required":true},"task_state":{"type":"string","description_kind":"plain","computed":true},"task_type":{"type":"string","description_kind":"plain","required":true},"update_time":{"type":"string","description_kind":"plain","computed":true}},"block_types":{"isp_cities":{"nesting_mode":"set","block":{"attributes":{"city":{"type":"string","description_kind":"plain","required":true},"isp":{"type":"string","description_kind":"plain","required":true}},"description_kind":"plain"}}},"description_kind":"plain"}},"apsarastack_common_bandwidth_package":{"version":0,"block":{"attributes":{"bandwidth":{"type":"number","description_kind":"plain","required":true},"description":{"type":"string","description_kind":"plain","optional":true},"id":{"type":"string","description_kind":"plain","optional":true,"computed":true},"internet_charge_type":{"type":"string","description_kind":"plain","optional":true},"name":{"type":"string","description_kind":"plain","optional":true},"ratio":{"type":"number","description_kind":"plain","optional":true}},"description_kind":"plain"}},"apsarastack_common_bandwidth_package_attachment":{"version":0,"block":{"attributes":{"bandwidth_package_id":{"type":"string","description_kind":"plain","required":true},"id":{"type":"string","description_kind":"plain","optional":true,"computed":true},"instance_id":{"type":"string","description_kind":"plain","required":true}},"description_kind":"plain"}},"apsarastack_cr_ee_namespace":{"version":0,"block":{"attributes":{"auto_create":{"type":"bool","description_kind":"plain","required":true},"default_visibility":{"type":"string","description_kind":"plain","required":true},"id":{"type":"string","description_kind":"plain","optional":true,"computed":true},"instance_id":{"type":"string","description_kind":"plain","required":true},"name":{"type":"string","description_kind":"plain","required":true}},"description_kind":"plain"}},"apsarastack_cr_ee_repo":{"version":0,"block":{"attributes":{"detail":{"type":"string","description_kind":"plain","optional":true},"id":{"type":"string","description_kind":"plain","optional":true,"computed":true},"instance_id":{"type":"string","description_kind":"plain","required":true},"name":{"type":"string","description_kind":"plain","required":true},"namespace":{"type":"string","description_kind":"plain","required":true},"repo_id":{"type":"string","description_kind":"plain","computed":true},"repo_type":{"type":"string","description_kind":"plain","required":true},"summary":{"type":"string","description_kind":"plain","required":true}},"description_kind":"plain"}},"apsarastack_cr_ee_sync_rule":{"version":0,"block":{"attributes":{"id":{"type":"string","description_kind":"plain","optional":true,"computed":true},"instance_id":{"type":"string","description_kind":"plain","required":true},"name":{"type":"string","description_kind":"plain","required":true},"namespace_name":{"type":"string","description_kind":"plain","required":true},"repo_name":{"type":"string","description_kind":"plain","optional":true},"rule_id":{"type":"string","description_kind":"plain","computed":true},"sync_direction":{"type":"string","description_kind":"plain","computed":true},"sync_scope":{"type":"string","description_kind":"plain","computed":true},"tag_filter":{"type":"string","description_kind":"plain","required":true},"target_instance_id":{"type":"string","description_kind":"plain","required":true},"target_namespace_name":{"type":"string","description_kind":"plain","required":true},"target_region_id":{"type":"string","description_kind":"plain","required":true},"target_repo_name":{"type":"string","description_kind":"plain","optional":true}},"description_kind":"plain"}},"apsarastack_cr_namespace":{"version":0,"block":{"attributes":{"auto_create":{"type":"bool","description_kind":"plain","required":true},"default_visibility":{"type":"string","description_kind":"plain","required":true},"id":{"type":"string","description_kind":"plain","optional":true,"computed":true},"name":{"type":"string","description_kind":"plain","required":true}},"description_kind":"plain"}},"apsarastack_cr_repo":{"version":0,"block":{"attributes":{"detail":{"type":"string","description_kind":"plain","optional":true},"domain_list":{"type":["map","string"],"description_kind":"plain","computed":true},"id":{"type":"string","description_kind":"plain","optional":true,"computed":true},"name":{"type":"string","description_kind":"plain","required":true},"namespace":{"type":"string","description_kind":"plain","required":true},"repo_type":{"type":"string","description_kind":"plain","required":true},"summary":{"type":"string","description_kind":"plain","required":true}},"description_kind":"plain"}},"apsarastack_cs_kubernetes":{"version":0,"block":{"attributes":{"api_audiences":{"type":["list","string"],"description_kind":"plain","optional":true},"availability_zone":{"type":"string","description_kind":"plain","optional":true,"computed":true},"client_cert":{"type":"string","description_kind":"plain","optional":true},"client_key":{"type":"string","description_kind":"plain","optional":true},"cloud_monitor_flags":{"type":"bool","description_kind":"plain","optional":true,"computed":true},"cluster_ca_cert":{"type":"string","description_kind":"plain","optional":true},"cluster_type":{"type":"string","description_kind":"plain","optional":true},"connections":{"type":["map","string"],"description_kind":"plain","computed":true},"cpu_policy":{"type":"string","description_kind":"plain","optional":true},"delete_protection":{"type":"bool","description_kind":"plain","optional":true},"enable_ssh":{"type":"bool","description_kind":"plain","optional":true},"exclude_autoscaler_nodes":{"type":"bool","description_kind":"plain","optional":true},"force_update":{"type":"bool","description_kind":"plain","optional":true},"format_disk":{"type":"bool","description_kind":"plain","optional":true},"id":{"type":"string","description_kind":"plain","optional":true,"computed":true},"image_id":{"type":"string","description_kind":"plain","optional":true},"install_cloud_monitor":{"type":"bool","description_kind":"plain","optional":true},"instances":{"type":["set","string"],"description_kind":"plain","optional":true},"is_enterprise_security_group":{"type":"bool","description_kind":"plain","optional":true,"computed":true},"keep_instance_name":{"type":"bool","description_kind":"plain","optional":true},"key_name":{"type":"string","description_kind":"plain","optional":true},"kms_encrypted_password":{"type":"string","description_kind":"plain","optional":true},"kms_encryption_context":{"type":["map","string"],"description_kind":"plain","optional":true},"kube_config":{"type":"string","description_kind":"plain","optional":true},"master_count":{"type":"number","description_kind":"plain","optional":true},"master_disk_category":{"type":"string","description_kind":"plain","optional":true},"master_disk_size":{"type":"number","description_kind":"plain","optional":true},"master_instance_type":{"type":"string","description_kind":"plain","optional":true},"master_instance_types":{"type":["list","string"],"description_kind":"plain","required":true},"master_nodes":{"type":["list",["object",{"id":"string","name":"string","private_ip":"string"}]],"description_kind":"plain","computed":true},"master_system_disk_performance_level":{"type":"string","description_kind":"plain","optional":true,"computed":true},"master_vswitch_ids":{"type":["list","string"],"description_kind":"plain","required":true},"name":{"type":"string","description_kind":"plain","optional":true,"computed":true},"nat_gateway_id":{"type":"string","description_kind":"plain","computed":true},"new_nat_gateway":{"type":"bool","description_kind":"plain","optional":true},"node_cidr_mask":{"type":"string","description_kind":"plain","optional":true},"node_name_mode":{"type":"string","description_kind":"plain","optional":true},"node_port_range":{"type":"string","description_kind":"plain","optional":true},"nodepool_id":{"type":"string","description_kind":"plain","computed":true},"nodes":{"type":["list","string"],"description_kind":"plain","optional":true},"num_of_nodes":{"type":"number","description_kind":"plain","required":true},"os_type":{"type":"string","description_kind":"plain","optional":true},"password":{"type":"string","description_kind":"plain","optional":true,"sensitive":true},"platform":{"type":"string","description_kind":"plain","optional":true},"pod_cidr":{"type":"string","description_kind":"plain","optional":true},"pod_vswitch_ids":{"type":["set","string"],"description_kind":"plain","optional":true},"proxy_mode":{"type":"string","description_kind":"plain","optional":true},"security_group_id":{"type":"string","description_kind":"plain","optional":true,"computed":true},"service_account_issuer":{"type":"string","description_kind":"plain","optional":true},"service_cidr":{"type":"string","description_kind":"plain","optional":true},"slb_id":{"type":"string","description_kind":"plain","deprecated":true,"computed":true},"slb_internet":{"type":"string","description_kind":"plain","computed":true},"slb_internet_enabled":{"type":"bool","description_kind":"plain","optional":true},"slb_intranet":{"type":"string","description_kind":"plain","computed":true},"timeout_mins":{"type":"number","description_kind":"plain","optional":true},"user_ca":{"type":"string","description_kind":"plain","optional":true},"user_data":{"type":"string","description_kind":"plain","optional":true},"version":{"type":"string","description_kind":"plain","optional":true,"computed":true},"vpc_id":{"type":"string","description_kind":"plain","required":true},"vswitch_ids":{"type":["list","string"],"description_kind":"plain","optional":true},"worker_data_disk_category":{"type":"string","description_kind":"plain","optional":true},"worker_data_disk_size":{"type":"number","description_kind":"plain","optional":true},"worker_disk_category":{"type":"string","description_kind":"plain","optional":true},"worker_disk_size":{"type":"number","description_kind":"plain","optional":true},"worker_instance_type":{"type":"string","description_kind":"plain","optional":true},"worker_instance_types":{"type":["list","string"],"description_kind":"plain","optional":true},"worker_nodes":{"type":["list",["object",{"id":"string","name":"string","private_ip":"string"}]],"description_kind":"plain","computed":true},"worker_ram_role_name":{"type":"string","description_kind":"plain","computed":true},"worker_system_disk_performance_level":{"type":"string","description_kind":"plain","optional":true,"computed":true},"worker_vswitch_ids":{"type":["list","string"],"description_kind":"plain","optional":true}},"block_types":{"addons":{"nesting_mode":"list","block":{"attributes":{"config":{"type":"string","description_kind":"plain","optional":true},"name":{"type":"string","description_kind":"plain","optional":true}},"description_kind":"plain"}},"log_config":{"nesting_mode":"list","block":{"attributes":{"project":{"type":"string","description_kind":"plain","optional":true},"type":{"type":"string","description_kind":"plain","required":true}},"description_kind":"plain"},"max_items":1},"runtime":{"nesting_mode":"list","block":{"attributes":{"name":{"type":"string","description_kind":"plain","optional":true},"version":{"type":"string","description_kind":"plain","optional":true}},"description_kind":"plain"}},"timeouts":{"nesting_mode":"single","block":{"attributes":{"create":{"type":"string","description_kind":"plain","optional":true},"delete":{"type":"string","description_kind":"plain","optional":true},"update":{"type":"string","description_kind":"plain","optional":true}},"description_kind":"plain"}},"worker_data_disks":{"nesting_mode":"list","block":{"attributes":{"auto_snapshot_policy_id":{"type":"string","description_kind":"plain","optional":true},"category":{"type":"string","description_kind":"plain","optional":true},"encrypted":{"type":"bool","description_kind":"plain","optional":true},"performance_level":{"type":"string","description_kind":"plain","optional":true},"size":{"type":"number","description_kind":"plain","optional":true}},"description_kind":"plain"}}},"description_kind":"plain"}},"apsarastack_db_account":{"version":0,"block":{"attributes":{"description":{"type":"string","description_kind":"plain","optional":true},"id":{"type":"string","description_kind":"plain","optional":true,"computed":true},"instance_id":{"type":"string","description_kind":"plain","required":true},"kms_encrypted_password":{"type":"string","description_kind":"plain","optional":true},"kms_encryption_context":{"type":["map","string"],"description_kind":"plain","optional":true},"name":{"type":"string","description_kind":"plain","required":true},"password":{"type":"string","description_kind":"plain","required":true,"sensitive":true},"type":{"type":"string","description_kind":"plain","optional":true,"computed":true}},"description_kind":"plain"}},"apsarastack_db_account_privilege":{"version":0,"block":{"attributes":{"account_name":{"type":"string","description_kind":"plain","required":true},"db_names":{"type":["set","string"],"description_kind":"plain","required":true},"id":{"type":"string","description_kind":"plain","optional":true,"computed":true},"instance_id":{"type":"string","description_kind":"plain","required":true},"privilege":{"type":"string","description_kind":"plain","required":true}},"description_kind":"plain"}},"apsarastack_db_backup_policy":{"version":0,"block":{"attributes":{"archive_backup_keep_count":{"type":"number","description_kind":"plain","optional":true,"computed":true},"archive_backup_keep_policy":{"type":"string","description_kind":"plain","optional":true,"computed":true},"archive_backup_retention_period":{"type":"number","description_kind":"plain","optional":true,"computed":true},"backup_retention_period":{"type":"number","description_kind":"plain","optional":true},"compress_type":{"type":"string","description_kind":"plain","optional":true,"computed":true},"enable_backup_log":{"type":"bool","description_kind":"plain","optional":true,"computed":true},"high_space_usage_protection":{"type":"string","description_kind":"plain","optional":true},"id":{"type":"string","description_kind":"plain","optional":true,"computed":true},"instance_id":{"type":"string","description_kind":"plain","required":true},"local_log_retention_hours":{"type":"number","description_kind":"plain","optional":true,"computed":true},"local_log_retention_space":{"type":"number","description_kind":"plain","optional":true,"computed":true},"log_backup_frequency":{"type":"string","description_kind":"plain","optional":true,"computed":true},"log_backup_retention_period":{"type":"number","description_kind":"plain","optional":true,"computed":true},"preferred_backup_period":{"type":["set","string"],"description_kind":"plain","optional":true,"computed":true},"preferred_backup_time":{"type":"string","description_kind":"plain","optional":true}},"description_kind":"plain"}},"apsarastack_db_connection":{"version":0,"block":{"attributes":{"connection_prefix":{"type":"string","description_kind":"plain","optional":true,"computed":true},"connection_string":{"type":"string","description_kind":"plain","computed":true},"id":{"type":"string","description_kind":"plain","optional":true,"computed":true},"instance_id":{"type":"string","description_kind":"plain","required":true},"ip_address":{"type":"string","description_kind":"plain","computed":true},"port":{"type":"string","description_kind":"plain","optional":true}},"description_kind":"plain"}},"apsarastack_db_database":{"version":0,"block":{"attributes":{"character_set":{"type":"string","description_kind":"plain","required":true},"description":{"type":"string","description_kind":"plain","optional":true},"id":{"type":"string","description_kind":"plain","optional":true,"computed":true},"instance_id":{"type":"string","description_kind":"plain","required":true},"name":{"type":"string","description_kind":"plain","required":true}},"description_kind":"plain"}},"apsarastack_db_instance":{"version":0,"block":{"attributes":{"auto_renew":{"type":"bool","description_kind":"plain","optional":true},"auto_renew_period":{"type":"number","description_kind":"plain","optional":true},"connection_string":{"type":"string","description_kind":"plain","computed":true},"enable_ssl":{"type":"bool","description_kind":"plain","optional":true},"encryption":{"type":"bool","description_kind":"plain","computed":true},"encryption_key":{"type":"string","description_kind":"plain","optional":true},"engine":{"type":"string","description_kind":"plain","required":true},"engine_version":{"type":"string","description_kind":"plain","required":true},"force_restart":{"type":"bool","description_kind":"plain","optional":true},"id":{"type":"string","description_kind":"plain","optional":true,"computed":true},"instance_charge_type":{"type":"string","description_kind":"plain","optional":true},"instance_name":{"type":"string","description_kind":"plain","optional":true},"instance_storage":{"type":"number","description_kind":"plain","required":true},"instance_type":{"type":"string","description_kind":"plain","required":true},"maintain_time":{"type":"string","description_kind":"plain","optional":true,"computed":true},"monitoring_period":{"type":"number","description_kind":"plain","optional":true,"computed":true},"period":{"type":"number","description_kind":"plain","optional":true},"port":{"type":"string","description_kind":"plain","computed":true},"role_arn":{"type":"string","description_kind":"plain","optional":true,"computed":true},"security_ip_mode":{"type":"string","description_kind":"plain","optional":true},"security_ips":{"type":["set","string"],"description_kind":"plain","optional":true,"computed":true},"storage_type":{"type":"string","description_kind":"plain","required":true},"tags":{"type":["map","string"],"description_kind":"plain","optional":true},"tde_status":{"type":"bool","description_kind":"plain","optional":true},"vswitch_id":{"type":"string","description_kind":"plain","optional":true},"zone_id":{"type":"string","description_kind":"plain","optional":true,"computed":true},"zone_id_slave1":{"type":"string","description_kind":"plain","optional":true},"zone_id_slave2":{"type":"string","description_kind":"plain","optional":true}},"block_types":{"parameters":{"nesting_mode":"set","block":{"attributes":{"name":{"type":"string","description_kind":"plain","required":true},"value":{"type":"string","description_kind":"plain","required":true}},"description_kind":"plain"}},"timeouts":{"nesting_mode":"single","block":{"attributes":{"create":{"type":"string","description_kind":"plain","optional":true},"delete":{"type":"string","description_kind":"plain","optional":true},"update":{"type":"string","description_kind":"plain","optional":true}},"description_kind":"plain"}}},"description_kind":"plain"}},"apsarastack_db_read_write_splitting_connection":{"version":0,"block":{"attributes":{"connection_prefix":{"type":"string","description_kind":"plain","optional":true},"connection_string":{"type":"string","description_kind":"plain","computed":true},"distribution_type":{"type":"string","description_kind":"plain","required":true},"id":{"type":"string","description_kind":"plain","optional":true,"computed":true},"instance_id":{"type":"string","description_kind":"plain","required":true},"max_delay_time":{"type":"number","description_kind":"plain","optional":true,"computed":true},"port":{"type":"number","description_kind":"plain","optional":true,"computed":true},"weight":{"type":["map","string"],"description_kind":"plain","optional":true}},"description_kind":"plain"}},"apsarastack_db_readonly_instance":{"version":0,"block":{"attributes":{"connection_string":{"type":"string","description_kind":"plain","computed":true},"db_instance_storage_type":{"type":"string","description_kind":"plain","required":true},"engine":{"type":"string","description_kind":"plain","computed":true},"engine_version":{"type":"string","description_kind":"plain","required":true},"id":{"type":"string","description_kind":"plain","optional":true,"computed":true},"instance_name":{"type":"string","description_kind":"plain","optional":true,"computed":true},"instance_storage":{"type":"number","description_kind":"plain","required":true},"instance_type":{"type":"string","description_kind":"plain","required":true},"master_db_instance_id":{"type":"string","description_kind":"plain","required":true},"port":{"type":"string","description_kind":"plain","computed":true},"tags":{"type":["map","string"],"description_kind":"plain","optional":true},"vswitch_id":{"type":"string","description_kind":"plain","optional":true},"zone_id":{"type":"string","description_kind":"plain","optional":true,"computed":true}},"block_types":{"parameters":{"nesting_mode":"set","block":{"attributes":{"name":{"type":"string","description_kind":"plain","required":true},"value":{"type":"string","description_kind":"plain","required":true}},"description_kind":"plain"}},"timeouts":{"nesting_mode":"single","block":{"attributes":{"create":{"type":"string","description_kind":"plain","optional":true},"delete":{"type":"string","description_kind":"plain","optional":true},"update":{"type":"string","description_kind":"plain","optional":true}},"description_kind":"plain"}}},"description_kind":"plain"}},"apsarastack_disk":{"version":0,"block":{"attributes":{"availability_zone":{"type":"string","description_kind":"plain","required":true},"category":{"type":"string","description_kind":"plain","optional":true},"delete_auto_snapshot":{"type":"bool","description_kind":"plain","optional":true},"delete_with_instance":{"type":"bool","description_kind":"plain","optional":true},"description":{"type":"string","description_kind":"plain","optional":true},"enable_auto_snapshot":{"type":"bool","description_kind":"plain","optional":true},"encrypted":{"type":"bool","description_kind":"plain","optional":true},"id":{"type":"string","description_kind":"plain","optional":true,"computed":true},"kms_key_id":{"type":"string","description_kind":"plain","optional":true},"name":{"type":"string","description_kind":"plain","optional":true},"size":{"type":"number","description_kind":"plain","optional":true},"snapshot_id":{"type":"string","description_kind":"plain","optional":true},"status":{"type":"string","description_kind":"plain","computed":true},"tags":{"type":["map","string"],"description_kind":"plain","optional":true}},"description_kind":"plain"}},"apsarastack_disk_attachment":{"version":0,"block":{"attributes":{"device_name":{"type":"string","description_kind":"plain","optional":true,"computed":true},"disk_id":{"type":"string","description_kind":"plain","required":true},"id":{"type":"string","description_kind":"plain","optional":true,"computed":true},"instance_id":{"type":"string","description_kind":"plain","required":true}},"description_kind":"plain"}},"apsarastack_dns_domain":{"version":0,"block":{"attributes":{"dns_servers":{"type":["set","string"],"description_kind":"plain","computed":true},"domain_id":{"type":"string","description_kind":"plain","computed":true},"domain_name":{"type":"string","description_kind":"plain","required":true},"group_id":{"type":"string","description_kind":"plain","optional":true},"id":{"type":"string","description_kind":"plain","optional":true,"computed":true},"lang":{"type":"string","description_kind":"plain","optional":true},"remark":{"type":"string","description_kind":"plain","optional":true},"resource_group_id":{"type":"string","description_kind":"plain","optional":true}},"description_kind":"plain"}},"apsarastack_dns_domain_attachment":{"version":0,"block":{"attributes":{"domain_names":{"type":["set","string"],"description_kind":"plain","required":true},"id":{"type":"string","description_kind":"plain","optional":true,"computed":true},"instance_id":{"type":"string","description_kind":"plain","required":true}},"description_kind":"plain"}},"apsarastack_dns_group":{"version":0,"block":{"attributes":{"id":{"type":"string","description_kind":"plain","optional":true,"computed":true},"name":{"type":"string","description_kind":"plain","required":true}},"description_kind":"plain"}},"apsarastack_dns_record":{"version":0,"block":{"attributes":{"description":{"type":"string","description_kind":"plain","optional":true},"domain_id":{"type":"string","description_kind":"plain","required":true},"host_record":{"type":"string","description_kind":"plain","required":true},"id":{"type":"string","description_kind":"plain","optional":true,"computed":true},"record_id":{"type":"number","description_kind":"plain","computed":true},"rr_set":{"type":["set","string"],"description_kind":"plain","optional":true},"ttl":{"type":"number","description_kind":"plain","optional":true},"type":{"type":"string","description_kind":"plain","required":true}},"description_kind":"plain"}},"apsarastack_eip":{"version":0,"block":{"attributes":{"bandwidth":{"type":"number","description_kind":"plain","optional":true},"description":{"type":"string","description_kind":"plain","optional":true},"id":{"type":"string","description_kind":"plain","optional":true,"computed":true},"ip_address":{"type":"string","description_kind":"plain","computed":true},"name":{"type":"string","description_kind":"plain","optional":true},"status":{"type":"string","description_kind":"plain","computed":true}},"description_kind":"plain"}},"apsarastack_eip_association":{"version":0,"block":{"attributes":{"allocation_id":{"type":"string","description_kind":"plain","required":true},"force":{"type":"bool","description_kind":"plain","optional":true},"id":{"type":"string","description_kind":"plain","optional":true,"computed":true},"instance_id":{"type":"string","description_kind":"plain","required":true},"instance_type":{"type":"string","description_kind":"plain","optional":true,"computed":true}},"description_kind":"plain"}},"apsarastack_ess_alarm":{"version":0,"block":{"attributes":{"alarm_actions":{"type":["set","string"],"description_kind":"plain","required":true},"cloud_monitor_group_id":{"type":"number","description_kind":"plain","optional":true},"comparison_operator":{"type":"string","description_kind":"plain","optional":true},"description":{"type":"string","description_kind":"plain","optional":true},"dimensions":{"type":["map","string"],"description_kind":"plain","optional":true,"computed":true},"enable":{"type":"bool","description_kind":"plain","optional":true},"evaluation_count":{"type":"number","description_kind":"plain","optional":true},"id":{"type":"string","description_kind":"plain","optional":true,"computed":true},"metric_name":{"type":"string","description_kind":"plain","required":true},"metric_type":{"type":"string","description_kind":"plain","optional":true},"name":{"type":"string","description_kind":"plain","optional":true,"computed":true},"period":{"type":"number","description_kind":"plain","optional":true},"scaling_group_id":{"type":"string","description_kind":"plain","required":true},"state":{"type":"string","description_kind":"plain","computed":true},"statistics":{"type":"string","description_kind":"plain","optional":true},"threshold":{"type":"string","description_kind":"plain","required":true}},"description_kind":"plain"}},"apsarastack_ess_attachment":{"version":0,"block":{"attributes":{"force":{"type":"bool","description_kind":"plain","optional":true},"id":{"type":"string","description_kind":"plain","optional":true,"computed":true},"instance_ids":{"type":["set","string"],"description_kind":"plain","required":true},"scaling_group_id":{"type":"string","description_kind":"plain","required":true}},"description_kind":"plain"}},"apsarastack_ess_lifecycle_hook":{"version":0,"block":{"attributes":{"default_result":{"type":"string","description_kind":"plain","optional":true},"heartbeat_timeout":{"type":"number","description_kind":"plain","optional":true},"id":{"type":"string","description_kind":"plain","optional":true,"computed":true},"lifecycle_transition":{"type":"string","description_kind":"plain","required":true},"name":{"type":"string","description_kind":"plain","optional":true,"computed":true},"notification_arn":{"type":"string","description_kind":"plain","optional":true,"computed":true},"notification_metadata":{"type":"string","description_kind":"plain","optional":true,"computed":true},"scaling_group_id":{"type":"string","description_kind":"plain","required":true}},"description_kind":"plain"}},"apsarastack_ess_notification":{"version":0,"block":{"attributes":{"id":{"type":"string","description_kind":"plain","optional":true,"computed":true},"notification_arn":{"type":"string","description_kind":"plain","required":true},"notification_types":{"type":["set","string"],"description_kind":"plain","required":true},"scaling_group_id":{"type":"string","description_kind":"plain","required":true}},"description_kind":"plain"}},"apsarastack_ess_scaling_configuration":{"version":0,"block":{"attributes":{"active":{"type":"bool","description_kind":"plain","optional":true,"computed":true},"enable":{"type":"bool","description_kind":"plain","optional":true},"force_delete":{"type":"bool","description_kind":"plain","optional":true},"id":{"type":"string","description_kind":"plain","optional":true,"computed":true},"image_id":{"type":"string","description_kind":"plain","required":true},"instance_name":{"type":"string","description_kind":"plain","optional":true},"instance_type":{"type":"string","description_kind":"plain","required":true},"instance_types":{"type":["list","string"],"description_kind":"plain","optional":true},"internet_max_bandwidth_in":{"type":"number","description_kind":"plain","optional":true,"computed":true},"io_optimized":{"type":"string","description_kind":"plain","optional":true},"is_outdated":{"type":"bool","description_kind":"plain","optional":true},"key_name":{"type":"string","description_kind":"plain","optional":true},"override":{"type":"bool","description_kind":"plain","optional":true},"role_name":{"type":"string","description_kind":"plain","optional":true},"scaling_configuration_name":{"type":"string","description_kind":"plain","optional":true,"computed":true},"scaling_group_id":{"type":"string","description_kind":"plain","required":true},"security_group_id":{"type":"string","description_kind":"plain","required":true},"substitute":{"type":"string","description_kind":"plain","optional":true,"computed":true},"system_disk_category":{"type":"string","description_kind":"plain","optional":true},"system_disk_size":{"type":"number","description_kind":"plain","optional":true},"tags":{"type":["map","string"],"description_kind":"plain","optional":true},"user_data":{"type":"string","description_kind":"plain","optional":true}},"block_types":{"data_disk":{"nesting_mode":"list","block":{"attributes":{"category":{"type":"string","description_kind":"plain","optional":true},"delete_with_instance":{"type":"bool","description_kind":"plain","optional":true},"device":{"type":"string","description_kind":"plain","optional":true},"size":{"type":"number","description_kind":"plain","optional":true},"snapshot_id":{"type":"string","description_kind":"plain","optional":true}},"description_kind":"plain"}}},"description_kind":"plain"}},"apsarastack_ess_scaling_group":{"version":0,"block":{"attributes":{"db_instance_ids":{"type":["set","string"],"description_kind":"plain","optional":true},"default_cooldown":{"type":"number","description_kind":"plain","optional":true},"id":{"type":"string","description_kind":"plain","optional":true,"computed":true},"loadbalancer_ids":{"type":["set","string"],"description_kind":"plain","optional":true},"max_size":{"type":"number","description_kind":"plain","required":true},"min_size":{"type":"number","description_kind":"plain","required":true},"removal_policies":{"type":["list","string"],"description_kind":"plain","optional":true,"computed":true},"scaling_group_name":{"type":"string","description_kind":"plain","optional":true},"vswitch_ids":{"type":["set","string"],"description_kind":"plain","optional":true}},"description_kind":"plain"}},"apsarastack_ess_scaling_rule":{"version":0,"block":{"attributes":{"adjustment_type":{"type":"string","description_kind":"plain","required":true},"adjustment_value":{"type":"number","description_kind":"plain","required":true},"ari":{"type":"string","description_kind":"plain","computed":true},"cooldown":{"type":"number","description_kind":"plain","optional":true},"id":{"type":"string","description_kind":"plain","optional":true,"computed":true},"scaling_group_id":{"type":"string","description_kind":"plain","required":true},"scaling_rule_name":{"type":"string","description_kind":"plain","optional":true,"computed":true}},"description_kind":"plain"}},"apsarastack_ess_scalinggroup_vserver_groups":{"version":0,"block":{"attributes":{"force":{"type":"bool","description_kind":"plain","optional":true},"id":{"type":"string","description_kind":"plain","optional":true,"computed":true},"scaling_group_id":{"type":"string","description_kind":"plain","required":true}},"block_types":{"vserver_groups":{"nesting_mode":"set","block":{"attributes":{"loadbalancer_id":{"type":"string","description_kind":"plain","required":true}},"block_types":{"vserver_attributes":{"nesting_mode":"set","block":{"attributes":{"port":{"type":"number","description_kind":"plain","required":true},"vserver_group_id":{"type":"string","description_kind":"plain","required":true},"weight":{"type":"number","description_kind":"plain","required":true}},"description_kind":"plain"},"min_items":1}},"description_kind":"plain"},"min_items":1}},"description_kind":"plain"}},"apsarastack_ess_scheduled_task":{"version":0,"block":{"attributes":{"description":{"type":"string","description_kind":"plain","optional":true,"computed":true},"id":{"type":"string","description_kind":"plain","optional":true,"computed":true},"launch_expiration_time":{"type":"number","description_kind":"plain","optional":true},"launch_time":{"type":"string","description_kind":"plain","required":true},"recurrence_end_time":{"type":"string","description_kind":"plain","optional":true,"computed":true},"recurrence_type":{"type":"string","description_kind":"plain","optional":true,"computed":true},"recurrence_value":{"type":"string","description_kind":"plain","optional":true,"computed":true},"scheduled_action":{"type":"string","description_kind":"plain","required":true},"scheduled_task_name":{"type":"string","description_kind":"plain","optional":true},"task_enabled":{"type":"bool","description_kind":"plain","optional":true}},"description_kind":"plain"}},"apsarastack_forward_entry":{"version":0,"block":{"attributes":{"external_ip":{"type":"string","description_kind":"plain","required":true},"external_port":{"type":"string","description_kind":"plain","required":true},"forward_entry_id":{"type":"string","description_kind":"plain","computed":true},"forward_table_id":{"type":"string","description_kind":"plain","required":true},"id":{"type":"string","description_kind":"plain","optional":true,"computed":true},"internal_ip":{"type":"string","description_kind":"plain","required":true},"internal_port":{"type":"string","description_kind":"plain","required":true},"ip_protocol":{"type":"string","description_kind":"plain","required":true},"name":{"type":"string","description_kind":"plain","optional":true}},"description_kind":"plain"}},"apsarastack_gpdb_connection":{"version":0,"block":{"attributes":{"connection_prefix":{"type":"string","description_kind":"plain","optional":true,"computed":true},"connection_string":{"type":"string","description_kind":"plain","computed":true},"id":{"type":"string","description_kind":"plain","optional":true,"computed":true},"instance_id":{"type":"string","description_kind":"plain","required":true},"ip_address":{"type":"string","description_kind":"plain","computed":true},"port":{"type":"string","description_kind":"plain","optional":true}},"block_types":{"timeouts":{"nesting_mode":"single","block":{"attributes":{"create":{"type":"string","description_kind":"plain","optional":true},"delete":{"type":"string","description_kind":"plain","optional":true},"update":{"type":"string","description_kind":"plain","optional":true}},"description_kind":"plain"}}},"description_kind":"plain"}},"apsarastack_gpdb_instance":{"version":0,"block":{"attributes":{"availability_zone":{"type":"string","description_kind":"plain","optional":true,"computed":true},"description":{"type":"string","description_kind":"plain","optional":true},"engine":{"type":"string","description_kind":"plain","optional":true,"computed":true},"engine_version":{"type":"string","description_kind":"plain","optional":true,"computed":true},"id":{"type":"string","description_kind":"plain","optional":true,"computed":true},"instance_charge_type":{"type":"string","description_kind":"plain","optional":true,"computed":true},"instance_class":{"type":"string","description_kind":"plain","required":true},"instance_group_count":{"type":"string","description_kind":"plain","required":true},"security_ip_list":{"type":["set","string"],"description_kind":"plain","optional":true,"computed":true},"tags":{"type":["map","string"],"description_kind":"plain","optional":true},"vswitch_id":{"type":"string","description_kind":"plain","optional":true,"computed":true}},"block_types":{"timeouts":{"nesting_mode":"single","block":{"attributes":{"create":{"type":"string","description_kind":"plain","optional":true}},"description_kind":"plain"}}},"description_kind":"plain"}},"apsarastack_image":{"version":0,"block":{"attributes":{"description":{"type":"string","description_kind":"plain","optional":true},"force":{"type":"bool","description_kind":"plain","optional":true},"id":{"type":"string","description_kind":"plain","optional":true,"computed":true},"image_name":{"type":"string","description_kind":"plain","optional":true,"computed":true},"instance_id":{"type":"string","description_kind":"plain","optional":true},"snapshot_id":{"type":"string","description_kind":"plain","optional":true},"tags":{"type":["map","string"],"description_kind":"plain","optional":true}},"block_types":{"disk_device_mapping":{"nesting_mode":"list","block":{"attributes":{"size":{"type":"number","description_kind":"plain","optional":true,"computed":true},"snapshot_id":{"type":"string","description_kind":"plain","optional":true,"computed":true}},"description_kind":"plain"}},"timeouts":{"nesting_mode":"single","block":{"attributes":{"create":{"type":"string","description_kind":"plain","optional":true},"delete":{"type":"string","description_kind":"plain","optional":true}},"description_kind":"plain"}}},"description_kind":"plain"}},"apsarastack_image_copy":{"version":0,"block":{"attributes":{"description":{"type":"string","description_kind":"plain","optional":true},"destination_region_id":{"type":"string","description_kind":"plain","required":true},"id":{"type":"string","description_kind":"plain","optional":true,"computed":true},"image_name":{"type":"string","description_kind":"plain","optional":true,"computed":true},"name":{"type":"string","description_kind":"plain","deprecated":true,"optional":true,"computed":true},"source_image_id":{"type":"string","description_kind":"plain","required":true}},"block_types":{"timeouts":{"nesting_mode":"single","block":{"attributes":{"create":{"type":"string","description_kind":"plain","optional":true},"delete":{"type":"string","description_kind":"plain","optional":true}},"description_kind":"plain"}}},"description_kind":"plain"}},"apsarastack_image_export":{"version":0,"block":{"attributes":{"id":{"type":"string","description_kind":"plain","optional":true,"computed":true},"image_id":{"type":"string","description_kind":"plain","required":true},"oss_bucket":{"type":"string","description_kind":"plain","required":true},"oss_prefix":{"type":"string","description_kind":"plain","optional":true}},"block_types":{"timeouts":{"nesting_mode":"single","block":{"attributes":{"create":{"type":"string","description_kind":"plain","optional":true}},"description_kind":"plain"}}},"description_kind":"plain"}},"apsarastack_image_import":{"version":0,"block":{"attributes":{"architecture":{"type":"string","description_kind":"plain","optional":true},"description":{"type":"string","description_kind":"plain","optional":true},"id":{"type":"string","description_kind":"plain","optional":true,"computed":true},"image_name":{"type":"string","description_kind":"plain","optional":true},"license_type":{"type":"string","description_kind":"plain","optional":true},"os_type":{"type":"string","description_kind":"plain","optional":true},"platform":{"type":"string","description_kind":"plain","optional":true}},"block_types":{"disk_device_mapping":{"nesting_mode":"list","block":{"attributes":{"disk_image_size":{"type":"number","description_kind":"plain","optional":true},"format":{"type":"string","description_kind":"plain","optional":true,"computed":true},"oss_bucket":{"type":"string","description_kind":"plain","optional":true},"oss_object":{"type":"string","description_kind":"plain","optional":true}},"description_kind":"plain"},"min_items":1},"timeouts":{"nesting_mode":"single","block":{"attributes":{"create":{"type":"string","description_kind":"plain","optional":true},"delete":{"type":"string","description_kind":"plain","optional":true}},"description_kind":"plain"}}},"description_kind":"plain"}},"apsarastack_image_share_permission":{"version":0,"block":{"attributes":{"account_id":{"type":"string","description_kind":"plain","required":true},"id":{"type":"string","description_kind":"plain","optional":true,"computed":true},"image_id":{"type":"string","description_kind":"plain","required":true}},"description_kind":"plain"}},"apsarastack_instance":{"version":0,"block":{"attributes":{"availability_zone":{"type":"string","description_kind":"plain","optional":true,"computed":true},"description":{"type":"string","description_kind":"plain","optional":true},"host_name":{"type":"string","description_kind":"plain","optional":true,"computed":true},"hpc_cluster_id":{"type":"string","description_kind":"plain","optional":true,"computed":true},"id":{"type":"string","description_kind":"plain","optional":true,"computed":true},"image_id":{"type":"string","description_kind":"plain","required":true},"instance_name":{"type":"string","description_kind":"plain","optional":true},"instance_type":{"type":"string","description_kind":"plain","required":true},"internet_max_bandwidth_in":{"type":"number","description_kind":"plain","optional":true,"computed":true},"internet_max_bandwidth_out":{"type":"number","description_kind":"plain","optional":true},"is_outdated":{"type":"bool","description_kind":"plain","optional":true},"key_name":{"type":"string","description_kind":"plain","optional":true,"computed":true},"kms_encrypted_password":{"type":"string","description_kind":"plain","optional":true},"kms_encryption_context":{"type":["map","string"],"description_kind":"plain","optional":true},"password":{"type":"string","description_kind":"plain","optional":true,"sensitive":true},"private_ip":{"type":"string","description_kind":"plain","optional":true,"computed":true},"role_name":{"type":"string","description_kind":"plain","optional":true,"computed":true},"security_enhancement_strategy":{"type":"string","description_kind":"plain","optional":true},"security_groups":{"type":["set","string"],"description_kind":"plain","optional":true},"status":{"type":"string","description_kind":"plain","computed":true},"subnet_id":{"type":"string","description_kind":"plain","optional":true,"computed":true},"system_disk_category":{"type":"string","description_kind":"plain","optional":true},"system_disk_description":{"type":"string","description_kind":"plain","optional":true},"system_disk_name":{"type":"string","description_kind":"plain","optional":true},"system_disk_size":{"type":"number","description_kind":"plain","optional":true},"tags":{"type":["map","string"],"description_kind":"plain","optional":true},"user_data":{"type":"string","description_kind":"plain","optional":true},"vswitch_id":{"type":"string","description_kind":"plain","optional":true}},"block_types":{"data_disks":{"nesting_mode":"list","block":{"attributes":{"category":{"type":"string","description_kind":"plain","optional":true},"delete_with_instance":{"type":"bool","description_kind":"plain","optional":true},"description":{"type":"string","description_kind":"plain","optional":true},"encrypted":{"type":"bool","description_kind":"plain","optional":true},"kms_key_id":{"type":"string","description_kind":"plain","optional":true},"name":{"type":"string","description_kind":"plain","optional":true},"size":{"type":"number","description_kind":"plain","required":true},"snapshot_id":{"type":"string","description_kind":"plain","optional":true}},"description_kind":"plain"},"max_items":16},"timeouts":{"nesting_mode":"single","block":{"attributes":{"create":{"type":"string","description_kind":"plain","optional":true},"delete":{"type":"string","description_kind":"plain","optional":true},"update":{"type":"string","description_kind":"plain","optional":true}},"description_kind":"plain"}}},"description_kind":"plain"}},"apsarastack_key_pair":{"version":0,"block":{"attributes":{"finger_print":{"type":"string","description_kind":"plain","computed":true},"id":{"type":"string","description_kind":"plain","optional":true,"computed":true},"key_file":{"type":"string","description_kind":"plain","optional":true},"key_name":{"type":"string","description_kind":"plain","required":true},"key_name_prefix":{"type":"string","description_kind":"plain","optional":true},"public_key":{"type":"string","description_kind":"plain","optional":true},"tags":{"type":["map","string"],"description_kind":"plain","optional":true}},"description_kind":"plain"}},"apsarastack_key_pair_attachment":{"version":0,"block":{"attributes":{"force":{"type":"bool","description_kind":"plain","optional":true},"id":{"type":"string","description_kind":"plain","optional":true,"computed":true},"instance_ids":{"type":["set","string"],"description_kind":"plain","required":true},"key_name":{"type":"string","description_kind":"plain","required":true}},"description_kind":"plain"}},"apsarastack_kms_alias":{"version":0,"block":{"attributes":{"alias_name":{"type":"string","description_kind":"plain","required":true},"id":{"type":"string","description_kind":"plain","optional":true,"computed":true},"key_id":{"type":"string","description_kind":"plain","required":true}},"description_kind":"plain"}},"apsarastack_kms_ciphertext":{"version":0,"block":{"attributes":{"ciphertext_blob":{"type":"string","description_kind":"plain","computed":true},"encryption_context":{"type":["map","string"],"description_kind":"plain","optional":true},"id":{"type":"string","description_kind":"plain","optional":true,"computed":true},"key_id":{"type":"string","description_kind":"plain","required":true},"plaintext":{"type":"string","description_kind":"plain","required":true,"sensitive":true}},"description_kind":"plain"}},"apsarastack_kms_key":{"version":0,"block":{"attributes":{"arn":{"type":"string","description_kind":"plain","computed":true},"automatic_rotation":{"type":"string","description_kind":"plain","optional":true},"creation_date":{"type":"string","description_kind":"plain","computed":true},"creator":{"type":"string","description_kind":"plain","computed":true},"delete_date":{"type":"string","description_kind":"plain","computed":true},"deletion_window_in_days":{"type":"number","description_kind":"plain","deprecated":true,"optional":true},"description":{"type":"string","description_kind":"plain","optional":true},"id":{"type":"string","description_kind":"plain","optional":true,"computed":true},"is_enabled":{"type":"bool","description_kind":"plain","deprecated":true,"optional":true},"key_state":{"type":"string","description_kind":"plain","optional":true},"key_usage":{"type":"string","description_kind":"plain","optional":true},"last_rotation_date":{"type":"string","description_kind":"plain","computed":true},"material_expire_time":{"type":"string","description_kind":"plain","computed":true},"next_rotation_date":{"type":"string","description_kind":"plain","computed":true},"origin":{"type":"string","description_kind":"plain","optional":true},"pending_window_in_days":{"type":"number","description_kind":"plain","optional":true},"primary_key_version":{"type":"string","description_kind":"plain","computed":true},"protection_level":{"type":"string","description_kind":"plain","optional":true},"rotation_interval":{"type":"string","description_kind":"plain","optional":true}},"description_kind":"plain"}},"apsarastack_kms_secret":{"version":0,"block":{"attributes":{"arn":{"type":"string","description_kind":"plain","computed":true},"description":{"type":"string","description_kind":"plain","optional":true},"encryption_key_id":{"type":"string","description_kind":"plain","optional":true},"force_delete_without_recovery":{"type":"bool","description_kind":"plain","optional":true},"id":{"type":"string","description_kind":"plain","optional":true,"computed":true},"planned_delete_time":{"type":"string","description_kind":"plain","computed":true},"recovery_window_in_days":{"type":"number","description_kind":"plain","optional":true},"secret_data":{"type":"string","description_kind":"plain","required":true,"sensitive":true},"secret_data_type":{"type":"string","description_kind":"plain","optional":true},"secret_name":{"type":"string","description_kind":"plain","required":true},"tags":{"type":["map","string"],"description_kind":"plain","optional":true},"version_id":{"type":"string","description_kind":"plain","required":true},"version_stages":{"type":["set","string"],"description_kind":"plain","optional":true,"computed":true}},"description_kind":"plain"}},"apsarastack_kvstore_account":{"version":0,"block":{"attributes":{"account_name":{"type":"string","description_kind":"plain","required":true},"account_password":{"type":"string","description_kind":"plain","optional":true,"sensitive":true},"account_privilege":{"type":"string","description_kind":"plain","optional":true},"account_type":{"type":"string","description_kind":"plain","optional":true},"description":{"type":"string","description_kind":"plain","optional":true},"id":{"type":"string","description_kind":"plain","optional":true,"computed":true},"instance_id":{"type":"string","description_kind":"plain","required":true},"kms_encrypted_password":{"type":"string","description_kind":"plain","optional":true},"kms_encryption_context":{"type":["map","string"],"description_kind":"plain","optional":true}},"description_kind":"plain"}},"apsarastack_kvstore_backup_policy":{"version":0,"block":{"attributes":{"backup_period":{"type":["set","string"],"description_kind":"plain","optional":true,"computed":true},"backup_time":{"type":"string","description_kind":"plain","optional":true},"id":{"type":"string","description_kind":"plain","optional":true,"computed":true},"instance_id":{"type":"string","description_kind":"plain","required":true}},"description_kind":"plain"}},"apsarastack_kvstore_instance":{"version":0,"block":{"attributes":{"availability_zone":{"type":"string","description_kind":"plain","optional":true,"computed":true},"backup_id":{"type":"string","description_kind":"plain","optional":true},"connection_domain":{"type":"string","description_kind":"plain","computed":true},"engine_version":{"type":"string","description_kind":"plain","optional":true},"id":{"type":"string","description_kind":"plain","optional":true,"computed":true},"instance_charge_type":{"type":"string","description_kind":"plain","optional":true},"instance_class":{"type":"string","description_kind":"plain","required":true},"instance_name":{"type":"string","description_kind":"plain","optional":true},"instance_type":{"type":"string","description_kind":"plain","optional":true},"kms_encrypted_password":{"type":"string","description_kind":"plain","optional":true},"kms_encryption_context":{"type":["map","string"],"description_kind":"plain","optional":true},"maintain_end_time":{"type":"string","description_kind":"plain","optional":true,"computed":true},"maintain_start_time":{"type":"string","description_kind":"plain","optional":true,"computed":true},"password":{"type":"string","description_kind":"plain","optional":true,"sensitive":true},"period":{"type":"number","description_kind":"plain","optional":true},"private_ip":{"type":"string","description_kind":"plain","optional":true,"computed":true},"security_ips":{"type":["set","string"],"description_kind":"plain","optional":true,"computed":true},"vpc_auth_mode":{"type":"string","description_kind":"plain","optional":true,"computed":true},"vswitch_id":{"type":"string","description_kind":"plain","optional":true}},"block_types":{"parameters":{"nesting_mode":"set","block":{"attributes":{"name":{"type":"string","description_kind":"plain","required":true},"value":{"type":"string","description_kind":"plain","required":true}},"description_kind":"plain"}},"timeouts":{"nesting_mode":"single","block":{"attributes":{"create":{"type":"string","description_kind":"plain","optional":true},"delete":{"type":"string","description_kind":"plain","optional":true},"update":{"type":"string","description_kind":"plain","optional":true}},"description_kind":"plain"}}},"description_kind":"plain"}},"apsarastack_launch_template":{"version":0,"block":{"attributes":{"auto_release_time":{"type":"string","description_kind":"plain","optional":true},"description":{"type":"string","description_kind":"plain","optional":true},"host_name":{"type":"string","description_kind":"plain","optional":true},"id":{"type":"string","description_kind":"plain","optional":true,"computed":true},"image_id":{"type":"string","description_kind":"plain","optional":true},"image_owner_alias":{"type":"string","description_kind":"plain","optional":true},"instance_charge_type":{"type":"string","description_kind":"plain","optional":true},"instance_name":{"type":"string","description_kind":"plain","optional":true},"instance_type":{"type":"string","description_kind":"plain","optional":true},"internet_charge_type":{"type":"string","description_kind":"plain","optional":true},"internet_max_bandwidth_in":{"type":"number","description_kind":"plain","optional":true,"computed":true},"internet_max_bandwidth_out":{"type":"number","description_kind":"plain","optional":true},"io_optimized":{"type":"string","description_kind":"plain","optional":true},"key_pair_name":{"type":"string","description_kind":"plain","optional":true},"name":{"type":"string","description_kind":"plain","optional":true},"network_type":{"type":"string","description_kind":"plain","optional":true},"ram_role_name":{"type":"string","description_kind":"plain","optional":true},"resource_group_id":{"type":"string","description_kind":"plain","optional":true},"security_enhancement_strategy":{"type":"string","description_kind":"plain","optional":true},"security_group_id":{"type":"string","description_kind":"plain","optional":true},"spot_price_limit":{"type":"number","description_kind":"plain","optional":true},"spot_strategy":{"type":"string","description_kind":"plain","optional":true},"system_disk_category":{"type":"string","description_kind":"plain","optional":true},"system_disk_description":{"type":"string","description_kind":"plain","optional":true},"system_disk_name":{"type":"string","description_kind":"plain","optional":true},"system_disk_size":{"type":"number","description_kind":"plain","optional":true},"tags":{"type":["map","string"],"description_kind":"plain","optional":true},"userdata":{"type":"string","description_kind":"plain","optional":true},"vpc_id":{"type":"string","description_kind":"plain","optional":true},"vswitch_id":{"type":"string","description_kind":"plain","optional":true},"zone_id":{"type":"string","description_kind":"plain","optional":true}},"block_types":{"data_disks":{"nesting_mode":"list","block":{"attributes":{"category":{"type":"string","description_kind":"plain","optional":true},"delete_with_instance":{"type":"bool","description_kind":"plain","optional":true},"description":{"type":"string","description_kind":"plain","optional":true},"encrypted":{"type":"bool","description_kind":"plain","optional":true},"name":{"type":"string","description_kind":"plain","optional":true},"size":{"type":"number","description_kind":"plain","optional":true},"snapshot_id":{"type":"string","description_kind":"plain","optional":true}},"description_kind":"plain"}},"network_interfaces":{"nesting_mode":"list","block":{"attributes":{"description":{"type":"string","description_kind":"plain","optional":true},"name":{"type":"string","description_kind":"plain","optional":true},"primary_ip":{"type":"string","description_kind":"plain","optional":true},"security_group_id":{"type":"string","description_kind":"plain","optional":true},"vswitch_id":{"type":"string","description_kind":"plain","optional":true}},"description_kind":"plain"},"max_items":1}},"description_kind":"plain"}},"apsarastack_log_machine_group":{"version":0,"block":{"attributes":{"id":{"type":"string","description_kind":"plain","optional":true,"computed":true},"identify_list":{"type":["set","string"],"description_kind":"plain","required":true},"identify_type":{"type":"string","description_kind":"plain","optional":true},"name":{"type":"string","description_kind":"plain","required":true},"project":{"type":"string","description_kind":"plain","required":true},"topic":{"type":"string","description_kind":"plain","optional":true}},"description_kind":"plain"}},"apsarastack_log_project":{"version":0,"block":{"attributes":{"description":{"type":"string","description_kind":"plain","optional":true},"id":{"type":"string","description_kind":"plain","optional":true,"computed":true},"name":{"type":"string","description_kind":"plain","required":true}},"description_kind":"plain"}},"apsarastack_log_store":{"version":0,"block":{"attributes":{"append_meta":{"type":"bool","description_kind":"plain","optional":true},"auto_split":{"type":"bool","description_kind":"plain","optional":true},"enable_web_tracking":{"type":"bool","description_kind":"plain","optional":true},"id":{"type":"string","description_kind":"plain","optional":true,"computed":true},"max_split_shard_count":{"type":"number","description_kind":"plain","optional":true},"name":{"type":"string","description_kind":"plain","required":true},"project":{"type":"string","description_kind":"plain","required":true},"retention_period":{"type":"number","description_kind":"plain","optional":true},"shard_count":{"type":"number","description_kind":"plain","required":true},"shards":{"type":["list",["object",{"begin_key":"string","end_key":"string","id":"number","status":"string"}]],"description_kind":"plain","computed":true}},"description_kind":"plain"}},"apsarastack_log_store_index":{"version":0,"block":{"attributes":{"id":{"type":"string","description_kind":"plain","optional":true,"computed":true},"logstore":{"type":"string","description_kind":"plain","required":true},"project":{"type":"string","description_kind":"plain","required":true}},"block_types":{"field_search":{"nesting_mode":"set","block":{"attributes":{"alias":{"type":"string","description_kind":"plain","optional":true},"case_sensitive":{"type":"bool","description_kind":"plain","optional":true},"enable_analytics":{"type":"bool","description_kind":"plain","optional":true},"include_chinese":{"type":"bool","description_kind":"plain","optional":true},"name":{"type":"string","description_kind":"plain","required":true},"token":{"type":"string","description_kind":"plain","optional":true},"type":{"type":"string","description_kind":"plain","optional":true}},"block_types":{"json_keys":{"nesting_mode":"set","block":{"attributes":{"alias":{"type":"string","description_kind":"plain","optional":true},"doc_value":{"type":"bool","description_kind":"plain","optional":true},"name":{"type":"string","description_kind":"plain","required":true},"type":{"type":"string","description_kind":"plain","optional":true}},"description_kind":"plain"}}},"description_kind":"plain"}},"full_text":{"nesting_mode":"set","block":{"attributes":{"case_sensitive":{"type":"bool","description_kind":"plain","optional":true},"include_chinese":{"type":"bool","description_kind":"plain","optional":true},"token":{"type":"string","description_kind":"plain","optional":true}},"description_kind":"plain"},"max_items":1}},"description_kind":"plain"}},"apsarastack_logtail_attachment":{"version":0,"block":{"attributes":{"id":{"type":"string","description_kind":"plain","optional":true,"computed":true},"logtail_config_name":{"type":"string","description_kind":"plain","required":true},"machine_group_name":{"type":"string","description_kind":"plain","required":true},"project":{"type":"string","description_kind":"plain","required":true}},"description_kind":"plain"}},"apsarastack_logtail_config":{"version":0,"block":{"attributes":{"id":{"type":"string","description_kind":"plain","optional":true,"computed":true},"input_detail":{"type":"string","description_kind":"plain","required":true},"input_type":{"type":"string","description_kind":"plain","required":true},"logstore":{"type":"string","description_kind":"plain","required":true},"name":{"type":"string","description_kind":"plain","required":true},"output_type":{"type":"string","description_kind":"plain","required":true},"project":{"type":"string","description_kind":"plain","required":true}},"description_kind":"plain"}},"apsarastack_mongodb_instance":{"version":0,"block":{"attributes":{"account_password":{"type":"string","description_kind":"plain","optional":true,"sensitive":true},"backup_period":{"type":["set","string"],"description_kind":"plain","optional":true,"computed":true},"backup_time":{"type":"string","description_kind":"plain","optional":true,"computed":true},"db_instance_class":{"type":"string","description_kind":"plain","required":true},"db_instance_storage":{"type":"number","description_kind":"plain","required":true},"engine_version":{"type":"string","description_kind":"plain","required":true},"id":{"type":"string","description_kind":"plain","optional":true,"computed":true},"instance_charge_type":{"type":"string","description_kind":"plain","optional":true},"kms_encrypted_password":{"type":"string","description_kind":"plain","optional":true},"kms_encryption_context":{"type":["map","string"],"description_kind":"plain","optional":true},"maintain_end_time":{"type":"string","description_kind":"plain","optional":true,"computed":true},"maintain_start_time":{"type":"string","description_kind":"plain","optional":true,"computed":true},"name":{"type":"string","description_kind":"plain","optional":true},"period":{"type":"number","description_kind":"plain","optional":true,"computed":true},"replica_set_name":{"type":"string","description_kind":"plain","computed":true},"replication_factor":{"type":"number","description_kind":"plain","optional":true,"computed":true},"retention_period":{"type":"number","description_kind":"plain","computed":true},"security_group_id":{"type":"string","description_kind":"plain","optional":true,"computed":true},"security_ip_list":{"type":["set","string"],"description_kind":"plain","optional":true,"computed":true},"ssl_action":{"type":"string","description_kind":"plain","optional":true,"computed":true},"ssl_status":{"type":"string","description_kind":"plain","computed":true},"storage_engine":{"type":"string","description_kind":"plain","optional":true,"computed":true},"tags":{"type":["map","string"],"description_kind":"plain","optional":true},"tde_status":{"type":"string","description_kind":"plain","optional":true},"vswitch_id":{"type":"string","description_kind":"plain","optional":true,"computed":true},"zone_id":{"type":"string","description_kind":"plain","optional":true,"computed":true}},"block_types":{"timeouts":{"nesting_mode":"single","block":{"attributes":{"create":{"type":"string","description_kind":"plain","optional":true},"delete":{"type":"string","description_kind":"plain","optional":true},"update":{"type":"string","description_kind":"plain","optional":true}},"description_kind":"plain"}}},"description_kind":"plain"}},"apsarastack_mongodb_sharding_instance":{"version":0,"block":{"attributes":{"account_password":{"type":"string","description_kind":"plain","optional":true,"sensitive":true},"backup_period":{"type":["set","string"],"description_kind":"plain","optional":true,"computed":true},"backup_time":{"type":"string","description_kind":"plain","optional":true,"computed":true},"engine_version":{"type":"string","description_kind":"plain","required":true},"id":{"type":"string","description_kind":"plain","optional":true,"computed":true},"instance_charge_type":{"type":"string","description_kind":"plain","optional":true,"computed":true},"kms_encrypted_password":{"type":"string","description_kind":"plain","optional":true},"kms_encryption_context":{"type":["map","string"],"description_kind":"plain","optional":true},"name":{"type":"string","description_kind":"plain","optional":true},"period":{"type":"number","description_kind":"plain","optional":true,"computed":true},"retention_period":{"type":"number","description_kind":"plain","computed":true},"security_group_id":{"type":"string","description_kind":"plain","optional":true,"computed":true},"security_ip_list":{"type":["set","string"],"description_kind":"plain","optional":true,"computed":true},"storage_engine":{"type":"string","description_kind":"plain","optional":true,"computed":true},"tde_status":{"type":"string","description_kind":"plain","optional":true},"vswitch_id":{"type":"string","description_kind":"plain","optional":true},"zone_id":{"type":"string","description_kind":"plain","optional":true}},"block_types":{"mongo_list":{"nesting_mode":"list","block":{"attributes":{"connect_string":{"type":"string","description_kind":"plain","computed":true},"node_class":{"type":"string","description_kind":"plain","required":true},"node_id":{"type":"string","description_kind":"plain","computed":true},"port":{"type":"number","description_kind":"plain","computed":true}},"description_kind":"plain"},"min_items":2,"max_items":32},"shard_list":{"nesting_mode":"list","block":{"attributes":{"node_class":{"type":"string","description_kind":"plain","required":true},"node_id":{"type":"string","description_kind":"plain","computed":true},"node_storage":{"type":"number","description_kind":"plain","required":true}},"description_kind":"plain"},"min_items":2,"max_items":32}},"description_kind":"plain"}},"apsarastack_nat_gateway":{"version":0,"block":{"attributes":{"bandwidth_package_ids":{"type":"string","description_kind":"plain","computed":true},"description":{"type":"string","description_kind":"plain","optional":true},"forward_table_ids":{"type":"string","description_kind":"plain","computed":true},"id":{"type":"string","description_kind":"plain","optional":true,"computed":true},"name":{"type":"string","description_kind":"plain","optional":true,"computed":true},"snat_table_ids":{"type":"string","description_kind":"plain","computed":true},"specification":{"type":"string","description_kind":"plain","optional":true},"vpc_id":{"type":"string","description_kind":"plain","required":true}},"block_types":{"bandwidth_packages":{"nesting_mode":"list","block":{"attributes":{"bandwidth":{"type":"number","description_kind":"plain","required":true},"ip_count":{"type":"number","description_kind":"plain","required":true},"public_ip_addresses":{"type":"string","description_kind":"plain","computed":true},"zone":{"type":"string","description_kind":"plain","optional":true,"computed":true}},"description_kind":"plain"},"max_items":4}},"description_kind":"plain"}},"apsarastack_network_interface":{"version":0,"block":{"attributes":{"description":{"type":"string","description_kind":"plain","optional":true},"id":{"type":"string","description_kind":"plain","optional":true,"computed":true},"mac":{"type":"string","description_kind":"plain","computed":true},"name":{"type":"string","description_kind":"plain","optional":true},"private_ip":{"type":"string","description_kind":"plain","optional":true,"computed":true},"private_ips":{"type":["set","string"],"description_kind":"plain","optional":true,"computed":true},"private_ips_count":{"type":"number","description_kind":"plain","optional":true,"computed":true},"security_groups":{"type":["set","string"],"description_kind":"plain","required":true},"tags":{"type":["map","string"],"description_kind":"plain","optional":true},"vswitch_id":{"type":"string","description_kind":"plain","required":true}},"description_kind":"plain"}},"apsarastack_network_interface_attachment":{"version":0,"block":{"attributes":{"id":{"type":"string","description_kind":"plain","optional":true,"computed":true},"instance_id":{"type":"string","description_kind":"plain","required":true},"network_interface_id":{"type":"string","description_kind":"plain","required":true}},"description_kind":"plain"}},"apsarastack_ons_group":{"version":0,"block":{"attributes":{"group_id":{"type":"string","description_kind":"plain","required":true},"id":{"type":"string","description_kind":"plain","optional":true,"computed":true},"instance_id":{"type":"string","description_kind":"plain","required":true},"read_enable":{"type":"bool","description_kind":"plain","optional":true},"remark":{"type":"string","description_kind":"plain","optional":true}},"description_kind":"plain"}},"apsarastack_ons_instance":{"version":0,"block":{"attributes":{"cluster":{"type":"string","description_kind":"plain","required":true},"create_time":{"type":"string","description_kind":"plain","computed":true},"id":{"type":"string","description_kind":"plain","optional":true,"computed":true},"independent_naming":{"type":"string","description_kind":"plain","required":true},"instance_id":{"type":"string","description_kind":"plain","computed":true},"instance_status":{"type":"number","description_kind":"plain","computed":true},"instance_type":{"type":"number","description_kind":"plain","computed":true},"name":{"type":"string","description_kind":"plain","required":true},"remark":{"type":"string","description_kind":"plain","optional":true},"topic_capacity":{"type":"number","description_kind":"plain","required":true},"tps_receive_max":{"type":"number","description_kind":"plain","required":true},"tps_send_max":{"type":"number","description_kind":"plain","required":true}},"description_kind":"plain"}},"apsarastack_ons_topic":{"version":0,"block":{"attributes":{"id":{"type":"string","description_kind":"plain","optional":true,"computed":true},"instance_id":{"type":"string","description_kind":"plain","optional":true},"message_type":{"type":"string","description_kind":"plain","required":true},"perm":{"type":"number","description_kind":"plain","optional":true},"remark":{"type":"string","description_kind":"plain","required":true},"topic":{"type":"string","description_kind":"plain","required":true}},"description_kind":"plain"}},"apsarastack_oss_bucket":{"version":0,"block":{"attributes":{"acl":{"type":"string","description_kind":"plain","optional":true},"bucket":{"type":"string","description_kind":"plain","optional":true},"creation_date":{"type":"string","description_kind":"plain","computed":true},"extranet_endpoint":{"type":"string","description_kind":"plain","computed":true},"force_destroy":{"type":"bool","description_kind":"plain","optional":true},"id":{"type":"string","description_kind":"plain","optional":true,"computed":true},"intranet_endpoint":{"type":"string","description_kind":"plain","computed":true},"location":{"type":"string","description_kind":"plain","computed":true},"owner":{"type":"string","description_kind":"plain","computed":true},"policy":{"type":"string","description_kind":"plain","optional":true},"sse_algorithm":{"type":"string","description_kind":"plain","optional":true},"storage_class":{"type":"string","description_kind":"plain","optional":true},"tags":{"type":["map","string"],"description_kind":"plain","optional":true}},"block_types":{"cors_rule":{"nesting_mode":"list","block":{"attributes":{"allowed_headers":{"type":["list","string"],"description_kind":"plain","optional":true},"allowed_methods":{"type":["list","string"],"description_kind":"plain","required":true},"allowed_origins":{"type":["list","string"],"description_kind":"plain","required":true},"expose_headers":{"type":["list","string"],"description_kind":"plain","optional":true},"max_age_seconds":{"type":"number","description_kind":"plain","optional":true}},"description_kind":"plain"},"max_items":10},"lifecycle_rule":{"nesting_mode":"list","block":{"attributes":{"enabled":{"type":"bool","description_kind":"plain","required":true},"id":{"type":"string","description_kind":"plain","optional":true,"computed":true},"prefix":{"type":"string","description_kind":"plain","required":true}},"block_types":{"expiration":{"nesting_mode":"set","block":{"attributes":{"date":{"type":"string","description_kind":"plain","optional":true},"days":{"type":"number","description_kind":"plain","optional":true}},"description_kind":"plain"}}},"description_kind":"plain"},"max_items":1000},"logging":{"nesting_mode":"list","block":{"attributes":{"target_bucket":{"type":"string","description_kind":"plain","required":true},"target_prefix":{"type":"string","description_kind":"plain","optional":true}},"description_kind":"plain"},"max_items":1},"referer_config":{"nesting_mode":"list","block":{"attributes":{"allow_empty":{"type":"bool","description_kind":"plain","optional":true,"computed":true},"referers":{"type":["list","string"],"description_kind":"plain","required":true}},"description_kind":"plain"},"max_items":1},"server_side_encryption_rule":{"nesting_mode":"list","block":{"attributes":{"sse_algorithm":{"type":"string","description_kind":"plain","required":true}},"description_kind":"plain"},"max_items":1},"versioning":{"nesting_mode":"list","block":{"attributes":{"status":{"type":"string","description_kind":"plain","required":true}},"description_kind":"plain"},"max_items":1},"website":{"nesting_mode":"list","block":{"attributes":{"error_document":{"type":"string","description_kind":"plain","optional":true},"index_document":{"type":"string","description_kind":"plain","required":true}},"description_kind":"plain"},"max_items":1}},"description_kind":"plain"}},"apsarastack_oss_bucket_object":{"version":0,"block":{"attributes":{"acl":{"type":"string","description_kind":"plain","optional":true},"bucket":{"type":"string","description_kind":"plain","required":true},"cache_control":{"type":"string","description_kind":"plain","optional":true},"content":{"type":"string","description_kind":"plain","optional":true},"content_disposition":{"type":"string","description_kind":"plain","optional":true},"content_encoding":{"type":"string","description_kind":"plain","optional":true},"content_md5":{"type":"string","description_kind":"plain","optional":true},"content_type":{"type":"string","description_kind":"plain","optional":true,"computed":true},"expires":{"type":"string","description_kind":"plain","optional":true},"id":{"type":"string","description_kind":"plain","optional":true,"computed":true},"key":{"type":"string","description_kind":"plain","required":true},"kms_key_id":{"type":"string","description_kind":"plain","optional":true},"server_side_encryption":{"type":"string","description_kind":"plain","optional":true},"source":{"type":"string","description_kind":"plain","optional":true},"version_id":{"type":"string","description_kind":"plain","computed":true}},"description_kind":"plain"}},"apsarastack_ram_role_attachment":{"version":0,"block":{"attributes":{"id":{"type":"string","description_kind":"plain","optional":true,"computed":true},"instance_ids":{"type":["set","string"],"description_kind":"plain","required":true},"role_name":{"type":"string","description_kind":"plain","required":true}},"description_kind":"plain"}},"apsarastack_reserved_instance":{"version":0,"block":{"attributes":{"description":{"type":"string","description_kind":"plain","optional":true},"id":{"type":"string","description_kind":"plain","optional":true,"computed":true},"instance_amount":{"type":"number","description_kind":"plain","optional":true,"computed":true},"instance_type":{"type":"string","description_kind":"plain","required":true},"name":{"type":"string","description_kind":"plain","optional":true},"offering_type":{"type":"string","description_kind":"plain","optional":true},"period":{"type":"number","description_kind":"plain","optional":true},"period_unit":{"type":"string","description_kind":"plain","optional":true},"platform":{"type":"string","description_kind":"plain","optional":true,"computed":true},"resource_group_id":{"type":"string","description_kind":"plain","optional":true,"computed":true},"scope":{"type":"string","description_kind":"plain","optional":true},"zone_id":{"type":"string","description_kind":"plain","optional":true}},"description_kind":"plain"}},"apsarastack_route_entry":{"version":0,"block":{"attributes":{"destination_cidrblock":{"type":"string","description_kind":"plain","optional":true},"id":{"type":"string","description_kind":"plain","optional":true,"computed":true},"name":{"type":"string","description_kind":"plain","optional":true},"nexthop_id":{"type":"string","description_kind":"plain","optional":true},"nexthop_type":{"type":"string","description_kind":"plain","optional":true},"route_table_id":{"type":"string","description_kind":"plain","required":true},"router_id":{"type":"string","description_kind":"plain","deprecated":true,"optional":true,"computed":true}},"description_kind":"plain"}},"apsarastack_route_table":{"version":0,"block":{"attributes":{"description":{"type":"string","description_kind":"plain","optional":true},"id":{"type":"string","description_kind":"plain","optional":true,"computed":true},"name":{"type":"string","description_kind":"plain","optional":true},"tags":{"type":["map","string"],"description_kind":"plain","optional":true},"vpc_id":{"type":"string","description_kind":"plain","required":true}},"description_kind":"plain"}},"apsarastack_route_table_attachment":{"version":0,"block":{"attributes":{"id":{"type":"string","description_kind":"plain","optional":true,"computed":true},"route_table_id":{"type":"string","description_kind":"plain","required":true},"vswitch_id":{"type":"string","description_kind":"plain","required":true}},"description_kind":"plain"}},"apsarastack_router_interface":{"version":0,"block":{"attributes":{"access_point_id":{"type":"string","description_kind":"plain","computed":true},"description":{"type":"string","description_kind":"plain","optional":true},"health_check_source_ip":{"type":"string","description_kind":"plain","optional":true},"health_check_target_ip":{"type":"string","description_kind":"plain","optional":true},"id":{"type":"string","description_kind":"plain","optional":true,"computed":true},"name":{"type":"string","description_kind":"plain","optional":true},"opposite_access_point_id":{"type":"string","description_kind":"plain","optional":true},"opposite_interface_id":{"type":"string","description_kind":"plain","optional":true,"computed":true},"opposite_interface_owner_id":{"type":"string","description_kind":"plain","optional":true,"computed":true},"opposite_region":{"type":"string","description_kind":"plain","required":true},"opposite_router_id":{"type":"string","description_kind":"plain","optional":true,"computed":true},"opposite_router_type":{"type":"string","description_kind":"plain","optional":true,"computed":true},"role":{"type":"string","description_kind":"plain","required":true},"router_id":{"type":"string","description_kind":"plain","required":true},"router_type":{"type":"string","description_kind":"plain","required":true},"specification":{"type":"string","description_kind":"plain","optional":true}},"description_kind":"plain"}},"apsarastack_router_interface_connection":{"version":0,"block":{"attributes":{"id":{"type":"string","description_kind":"plain","optional":true,"computed":true},"interface_id":{"type":"string","description_kind":"plain","required":true},"opposite_interface_id":{"type":"string","description_kind":"plain","required":true},"opposite_interface_owner_id":{"type":"string","description_kind":"plain","optional":true,"computed":true},"opposite_router_id":{"type":"string","description_kind":"plain","optional":true,"computed":true},"opposite_router_type":{"type":"string","description_kind":"plain","optional":true}},"description_kind":"plain"}},"apsarastack_security_group":{"version":0,"block":{"attributes":{"description":{"type":"string","description_kind":"plain","optional":true},"id":{"type":"string","description_kind":"plain","optional":true,"computed":true},"inner_access_policy":{"type":"string","description_kind":"plain","optional":true,"computed":true},"name":{"type":"string","description_kind":"plain","optional":true},"tags":{"type":["map","string"],"description_kind":"plain","optional":true},"vpc_id":{"type":"string","description_kind":"plain","optional":true}},"description_kind":"plain"}},"apsarastack_security_group_rule":{"version":0,"block":{"attributes":{"cidr_ip":{"type":"string","description_kind":"plain","optional":true},"description":{"type":"string","description_kind":"plain","optional":true},"id":{"type":"string","description_kind":"plain","optional":true,"computed":true},"ip_protocol":{"type":"string","description_kind":"plain","required":true},"nic_type":{"type":"string","description_kind":"plain","optional":true,"computed":true},"policy":{"type":"string","description_kind":"plain","optional":true},"port_range":{"type":"string","description_kind":"plain","required":true},"priority":{"type":"number","description_kind":"plain","optional":true},"security_group_id":{"type":"string","description_kind":"plain","required":true},"source_group_owner_account":{"type":"string","description_kind":"plain","optional":true},"source_security_group_id":{"type":"string","description_kind":"plain","optional":true},"type":{"type":"string","description":"Type of rule, ingress (inbound) or egress (outbound).","description_kind":"plain","required":true}},"description_kind":"plain"}},"apsarastack_slb":{"version":0,"block":{"attributes":{"address":{"type":"string","description_kind":"plain","optional":true,"computed":true},"address_type":{"type":"string","description_kind":"plain","optional":true,"computed":true},"id":{"type":"string","description_kind":"plain","optional":true,"computed":true},"name":{"type":"string","description_kind":"plain","optional":true},"tags":{"type":["map","string"],"description_kind":"plain","optional":true},"vswitch_id":{"type":"string","description_kind":"plain","optional":true}},"description_kind":"plain"}},"apsarastack_slb_acl":{"version":0,"block":{"attributes":{"id":{"type":"string","description_kind":"plain","optional":true,"computed":true},"ip_version":{"type":"string","description_kind":"plain","optional":true},"name":{"type":"string","description_kind":"plain","required":true},"tags":{"type":["map","string"],"description_kind":"plain","optional":true}},"block_types":{"entry_list":{"nesting_mode":"set","block":{"attributes":{"comment":{"type":"string","description_kind":"plain","optional":true},"entry":{"type":"string","description_kind":"plain","required":true}},"description_kind":"plain"},"max_items":300}},"description_kind":"plain"}},"apsarastack_slb_backend_server":{"version":0,"block":{"attributes":{"delete_protection_validation":{"type":"bool","description_kind":"plain","optional":true},"id":{"type":"string","description_kind":"plain","optional":true,"computed":true},"load_balancer_id":{"type":"string","description_kind":"plain","required":true}},"block_types":{"backend_servers":{"nesting_mode":"set","block":{"attributes":{"server_id":{"type":"string","description_kind":"plain","required":true},"weight":{"type":"number","description_kind":"plain","optional":true}},"description_kind":"plain"}}},"description_kind":"plain"}},"apsarastack_slb_ca_certificate":{"version":0,"block":{"attributes":{"ca_certificate":{"type":"string","description_kind":"plain","required":true},"id":{"type":"string","description_kind":"plain","optional":true,"computed":true},"name":{"type":"string","description_kind":"plain","optional":true}},"description_kind":"plain"}},"apsarastack_slb_domain_extension":{"version":0,"block":{"attributes":{"delete_protection_validation":{"type":"bool","description_kind":"plain","optional":true},"domain":{"type":"string","description_kind":"plain","required":true},"frontend_port":{"type":"number","description_kind":"plain","required":true},"id":{"type":"string","description_kind":"plain","optional":true,"computed":true},"load_balancer_id":{"type":"string","description_kind":"plain","required":true},"server_certificate_id":{"type":"string","description_kind":"plain","required":true}},"description_kind":"plain"}},"apsarastack_slb_listener":{"version":0,"block":{"attributes":{"acl_id":{"type":"string","description_kind":"plain","optional":true},"acl_status":{"type":"string","description_kind":"plain","optional":true},"acl_type":{"type":"string","description_kind":"plain","optional":true},"backend_port":{"type":"number","description_kind":"plain","required":true},"bandwidth":{"type":"number","description_kind":"plain","required":true},"cookie":{"type":"string","description_kind":"plain","optional":true},"cookie_timeout":{"type":"number","description_kind":"plain","optional":true},"delete_protection_validation":{"type":"bool","description_kind":"plain","optional":true},"description":{"type":"string","description_kind":"plain","optional":true},"established_timeout":{"type":"number","description_kind":"plain","optional":true},"forward_port":{"type":"number","description_kind":"plain","optional":true},"frontend_port":{"type":"number","description_kind":"plain","required":true},"gzip":{"type":"bool","description_kind":"plain","optional":true},"health_check":{"type":"string","description_kind":"plain","required":true},"health_check_connect_port":{"type":"number","description_kind":"plain","optional":true,"computed":true},"health_check_domain":{"type":"string","description_kind":"plain","optional":true},"health_check_http_code":{"type":"string","description_kind":"plain","optional":true},"health_check_interval":{"type":"number","description_kind":"plain","optional":true},"health_check_method":{"type":"string","description_kind":"plain","optional":true,"computed":true},"health_check_timeout":{"type":"number","description_kind":"plain","optional":true},"health_check_type":{"type":"string","description_kind":"plain","optional":true},"health_check_uri":{"type":"string","description_kind":"plain","optional":true},"healthy_threshold":{"type":"number","description_kind":"plain","optional":true},"id":{"type":"string","description_kind":"plain","optional":true,"computed":true},"listener_forward":{"type":"string","description_kind":"plain","optional":true,"computed":true},"load_balancer_id":{"type":"string","description_kind":"plain","required":true},"master_slave_server_group_id":{"type":"string","description_kind":"plain","optional":true},"persistence_timeout":{"type":"number","description_kind":"plain","optional":true},"protocol":{"type":"string","description_kind":"plain","optional":true},"scheduler":{"type":"string","description_kind":"plain","optional":true},"server_certificate_id":{"type":"string","description_kind":"plain","optional":true},"server_group_id":{"type":"string","description_kind":"plain","optional":true},"sticky_session":{"type":"string","description_kind":"plain","required":true},"sticky_session_type":{"type":"string","description_kind":"plain","optional":true},"unhealthy_threshold":{"type":"number","description_kind":"plain","optional":true}},"block_types":{"x_forwarded_for":{"nesting_mode":"list","block":{"attributes":{"retrive_client_ip":{"type":"bool","description_kind":"plain","computed":true},"retrive_slb_id":{"type":"bool","description_kind":"plain","optional":true},"retrive_slb_ip":{"type":"bool","description_kind":"plain","optional":true},"retrive_slb_proto":{"type":"bool","description_kind":"plain","optional":true}},"description_kind":"plain"},"max_items":1}},"description_kind":"plain"}},"apsarastack_slb_master_slave_server_group":{"version":0,"block":{"attributes":{"delete_protection_validation":{"type":"bool","description_kind":"plain","optional":true},"id":{"type":"string","description_kind":"plain","optional":true,"computed":true},"load_balancer_id":{"type":"string","description_kind":"plain","required":true},"name":{"type":"string","description_kind":"plain","optional":true}},"block_types":{"servers":{"nesting_mode":"set","block":{"attributes":{"port":{"type":"number","description_kind":"plain","required":true},"server_id":{"type":"string","description_kind":"plain","required":true},"server_type":{"type":"string","description_kind":"plain","required":true},"weight":{"type":"number","description_kind":"plain","required":true}},"description_kind":"plain"},"max_items":2}},"description_kind":"plain"}},"apsarastack_slb_rule":{"version":0,"block":{"attributes":{"cookie":{"type":"string","description_kind":"plain","optional":true},"cookie_timeout":{"type":"number","description_kind":"plain","optional":true},"delete_protection_validation":{"type":"bool","description_kind":"plain","optional":true},"domain":{"type":"string","description_kind":"plain","optional":true},"frontend_port":{"type":"number","description_kind":"plain","required":true},"health_check":{"type":"string","description_kind":"plain","optional":true},"health_check_connect_port":{"type":"number","description_kind":"plain","optional":true,"computed":true},"health_check_domain":{"type":"string","description_kind":"plain","optional":true},"health_check_http_code":{"type":"string","description_kind":"plain","optional":true},"health_check_interval":{"type":"number","description_kind":"plain","optional":true},"health_check_timeout":{"type":"number","description_kind":"plain","optional":true},"health_check_uri":{"type":"string","description_kind":"plain","optional":true},"healthy_threshold":{"type":"number","description_kind":"plain","optional":true},"id":{"type":"string","description_kind":"plain","optional":true,"computed":true},"listener_sync":{"type":"string","description_kind":"plain","optional":true},"load_balancer_id":{"type":"string","description_kind":"plain","required":true},"name":{"type":"string","description_kind":"plain","required":true},"scheduler":{"type":"string","description_kind":"plain","optional":true},"server_group_id":{"type":"string","description_kind":"plain","required":true},"sticky_session":{"type":"string","description_kind":"plain","optional":true},"sticky_session_type":{"type":"string","description_kind":"plain","optional":true},"unhealthy_threshold":{"type":"number","description_kind":"plain","optional":true},"url":{"type":"string","description_kind":"plain","optional":true}},"description_kind":"plain"}},"apsarastack_slb_server_certificate":{"version":0,"block":{"attributes":{"id":{"type":"string","description_kind":"plain","optional":true,"computed":true},"name":{"type":"string","description_kind":"plain","optional":true},"private_key":{"type":"string","description_kind":"plain","required":true},"server_certificate":{"type":"string","description_kind":"plain","optional":true}},"description_kind":"plain"}},"apsarastack_slb_server_group":{"version":0,"block":{"attributes":{"delete_protection_validation":{"type":"bool","description_kind":"plain","optional":true},"id":{"type":"string","description_kind":"plain","optional":true,"computed":true},"load_balancer_id":{"type":"string","description_kind":"plain","required":true},"name":{"type":"string","description_kind":"plain","optional":true}},"block_types":{"servers":{"nesting_mode":"set","block":{"attributes":{"port":{"type":"number","description_kind":"plain","required":true},"server_ids":{"type":["list","string"],"description_kind":"plain","required":true},"type":{"type":"string","description_kind":"plain","optional":true},"weight":{"type":"number","description_kind":"plain","optional":true}},"description_kind":"plain"}}},"description_kind":"plain"}},"apsarastack_snapshot":{"version":0,"block":{"attributes":{"description":{"type":"string","description_kind":"plain","optional":true},"disk_id":{"type":"string","description_kind":"plain","required":true},"id":{"type":"string","description_kind":"plain","optional":true,"computed":true},"name":{"type":"string","description_kind":"plain","optional":true},"tags":{"type":["map","string"],"description_kind":"plain","optional":true}},"block_types":{"timeouts":{"nesting_mode":"single","block":{"attributes":{"create":{"type":"string","description_kind":"plain","optional":true},"delete":{"type":"string","description_kind":"plain","optional":true}},"description_kind":"plain"}}},"description_kind":"plain"}},"apsarastack_snapshot_policy":{"version":0,"block":{"attributes":{"disk_ids":{"type":["set","string"],"description_kind":"plain","optional":true},"enable_automated_snapshot_policy":{"type":"bool","description_kind":"plain","optional":true},"id":{"type":"string","description_kind":"plain","optional":true,"computed":true},"name":{"type":"string","description_kind":"plain","required":true},"repeat_weekdays":{"type":["set","string"],"description_kind":"plain","required":true},"retention_days":{"type":"number","description_kind":"plain","optional":true},"time_points":{"type":["set","string"],"description_kind":"plain","required":true}},"description_kind":"plain"}},"apsarastack_snat_entry":{"version":0,"block":{"attributes":{"id":{"type":"string","description_kind":"plain","optional":true,"computed":true},"snat_entry_id":{"type":"string","description_kind":"plain","computed":true},"snat_ip":{"type":"string","description_kind":"plain","required":true},"snat_table_id":{"type":"string","description_kind":"plain","required":true},"source_cidr":{"type":"string","description_kind":"plain","optional":true},"source_vswitch_id":{"type":"string","description_kind":"plain","optional":true}},"description_kind":"plain"}},"apsarastack_vpc":{"version":0,"block":{"attributes":{"cidr_block":{"type":"string","description_kind":"plain","required":true},"description":{"type":"string","description_kind":"plain","optional":true},"id":{"type":"string","description_kind":"plain","optional":true,"computed":true},"name":{"type":"string","description_kind":"plain","optional":true},"route_table_id":{"type":"string","description_kind":"plain","computed":true},"router_id":{"type":"string","description_kind":"plain","computed":true}},"block_types":{"timeouts":{"nesting_mode":"single","block":{"attributes":{"create":{"type":"string","description_kind":"plain","optional":true},"delete":{"type":"string","description_kind":"plain","optional":true}},"description_kind":"plain"}}},"description_kind":"plain"}},"apsarastack_vswitch":{"version":0,"block":{"attributes":{"availability_zone":{"type":"string","description_kind":"plain","required":true},"cidr_block":{"type":"string","description_kind":"plain","required":true},"description":{"type":"string","description_kind":"plain","optional":true},"id":{"type":"string","description_kind":"plain","optional":true,"computed":true},"name":{"type":"string","description_kind":"plain","optional":true},"vpc_id":{"type":"string","description_kind":"plain","required":true}},"block_types":{"timeouts":{"nesting_mode":"single","block":{"attributes":{"create":{"type":"string","description_kind":"plain","optional":true},"delete":{"type":"string","description_kind":"plain","optional":true}},"description_kind":"plain"}}},"description_kind":"plain"}}},"data_source_schemas":{"apsarastack_ascm_ecs_instance_families":{"version":0,"block":{"attributes":{"families":{"type":["list",["object",{"generation":"string","instance_type_family_id":"string"}]],"description_kind":"plain","computed":true},"id":{"type":"string","description_kind":"plain","optional":true,"computed":true},"ids":{"type":["list","string"],"description_kind":"plain","optional":true,"computed":true},"output_file":{"type":"string","description_kind":"plain","optional":true},"status":{"type":"string","description_kind":"plain","required":true}},"description_kind":"plain"}},"apsarastack_ascm_environment_services_by_product":{"version":0,"block":{"attributes":{"id":{"type":"string","description_kind":"plain","optional":true,"computed":true},"ids":{"type":["list","string"],"description_kind":"plain","optional":true,"computed":true},"output_file":{"type":"string","description_kind":"plain","optional":true},"result":{"type":["list","string"],"description_kind":"plain","computed":true}},"description_kind":"plain"}},"apsarastack_ascm_instance_families":{"version":0,"block":{"attributes":{"families":{"type":["list",["object",{"id":"string","is_deleted":"string","modifier":"string","order_by_id":"string","resource_type":"string","series_name":"string","series_name_label":"string"}]],"description_kind":"plain","computed":true},"id":{"type":"string","description_kind":"plain","optional":true,"computed":true},"ids":{"type":["list","string"],"description_kind":"plain","optional":true,"computed":true},"name_regex":{"type":"string","description_kind":"plain","optional":true},"output_file":{"type":"string","description_kind":"plain","optional":true},"resource_type":{"type":"string","description_kind":"plain","optional":true},"status":{"type":"string","description_kind":"plain","optional":true}},"description_kind":"plain"}},"apsarastack_ascm_logon_policies":{"version":0,"block":{"attributes":{"description":{"type":"string","description_kind":"plain","optional":true},"id":{"type":"string","description_kind":"plain","optional":true,"computed":true},"ids":{"type":["list","string"],"description_kind":"plain","optional":true,"computed":true},"ip_ranges":{"type":["list","string"],"description_kind":"plain","computed":true},"name":{"type":"string","description_kind":"plain","optional":true},"name_regex":{"type":"string","description_kind":"plain","optional":true},"output_file":{"type":"string","description_kind":"plain","optional":true},"policies":{"type":["list",["object",{"description":"string","end_time":"string","id":"string","ip_range":"string","login_policy_id":"string","name":"string","rule":"string","start_time":"string"}]],"description_kind":"plain","computed":true},"rule":{"type":"string","description_kind":"plain","optional":true}},"description_kind":"plain"}},"apsarastack_ascm_metering_query_ecs":{"version":0,"block":{"attributes":{"data":{"type":["list",["object",{"cpu":"number","create_time":"string","data_disk_size":"number","eip_address":"string","end_time":"string","gpu_amount":"number","instance_name":"string","instance_network_type":"string","instance_type":"string","instance_type_family":"string","memory":"number","org_name":"string","os_name":"string","private_ip_address":"string","resource_g_name":"string","start_time":"string","status":"string","sys_disk_size":"number","vpc_id":"string"}]],"description_kind":"plain","computed":true},"end_time":{"type":"string","description_kind":"plain","required":true},"id":{"type":"string","description_kind":"plain","optional":true,"computed":true},"ins_id":{"type":"string","description_kind":"plain","optional":true},"is_parent_id":{"type":"string","description_kind":"plain","optional":true},"name_regex":{"type":"string","description_kind":"plain","optional":true},"org_id":{"type":"string","description_kind":"plain","optional":true},"product_name":{"type":"string","description_kind":"plain","required":true},"region":{"type":"string","description_kind":"plain","optional":true},"resource_group_id":{"type":"string","description_kind":"plain","optional":true},"start_time":{"type":"string","description_kind":"plain","required":true}},"description_kind":"plain"}},"apsarastack_ascm_organizations":{"version":0,"block":{"attributes":{"id":{"type":"string","description_kind":"plain","optional":true,"computed":true},"ids":{"type":["list","string"],"description_kind":"plain","optional":true,"computed":true},"name_regex":{"type":"string","description_kind":"plain","optional":true},"names":{"type":["list","string"],"description_kind":"plain","computed":true},"organizations":{"type":["list",["object",{"alias":"string","cuser_id":"string","id":"string","internal":"bool","muser_id":"string","name":"string","parent_id":"number"}]],"description_kind":"plain","computed":true},"output_file":{"type":"string","description_kind":"plain","optional":true},"parent_id":{"type":"number","description_kind":"plain","optional":true}},"description_kind":"plain"}},"apsarastack_ascm_password_policies":{"version":0,"block":{"attributes":{"hard_expiry":{"type":"bool","description_kind":"plain","optional":true,"computed":true},"id":{"type":"string","description_kind":"plain","optional":true,"computed":true},"ids":{"type":["list","number"],"description_kind":"plain","optional":true,"computed":true},"max_login_attempts":{"type":"number","description_kind":"plain","optional":true},"max_password_age":{"type":"number","description_kind":"plain","optional":true,"computed":true},"minimum_password_length":{"type":"number","description_kind":"plain","optional":true,"computed":true},"output_file":{"type":"string","description_kind":"plain","optional":true},"password_reuse_prevention":{"type":"number","description_kind":"plain","optional":true,"computed":true},"policies":{"type":["list",["object",{"hard_expiry":"bool","max_login_attempts":"number","max_password_age":"number","minimum_password_length":"number","password_reuse_prevention":"number","require_lowercase_characters":"bool","require_numbers":"bool","require_symbols":"bool","require_uppercase_characters":"bool"}]],"description_kind":"plain","computed":true},"require_lowercase_characters":{"type":"bool","description_kind":"plain","optional":true,"computed":true},"require_numbers":{"type":"bool","description_kind":"plain","optional":true,"computed":true},"require_symbols":{"type":"bool","description_kind":"plain","optional":true,"computed":true},"require_uppercase_characters":{"type":"bool","description_kind":"plain","optional":true,"computed":true}},"description_kind":"plain"}},"apsarastack_ascm_quotas":{"version":0,"block":{"attributes":{"cluster_name":{"type":"string","description_kind":"plain","optional":true,"computed":true},"id":{"type":"string","description_kind":"plain","optional":true,"computed":true},"ids":{"type":["list","number"],"description_kind":"plain","optional":true,"computed":true},"output_file":{"type":"string","description_kind":"plain","optional":true},"product_name":{"type":"string","description_kind":"plain","required":true},"quota_type":{"type":"string","description_kind":"plain","required":true},"quota_type_id":{"type":"string","description_kind":"plain","required":true},"quotas":{"type":["list",["object",{"allocate_cpu":"number","allocate_disk":"number","allocate_vip_internal":"number","allocate_vip_public":"number","cluster_name":"string","id":"number","quota_type":"string","quota_type_id":"string","region":"string","target_type":"string","total_amount":"number","total_cpu":"number","total_cu":"number","total_disk":"number","total_disk_cloud_efficiency":"number","total_disk_cloud_ssd":"number","total_eip":"number","total_gpu":"number","total_mem":"number","total_vip_internal":"number","total_vip_public":"number","total_vpc":"number","used_disk":"number","used_mem":"number","used_vip_public":"number"}]],"description_kind":"plain","computed":true},"region":{"type":"string","description_kind":"plain","optional":true,"computed":true},"target_type":{"type":"string","description_kind":"plain","optional":true}},"description_kind":"plain"}},"apsarastack_ascm_ram_policies":{"version":0,"block":{"attributes":{"id":{"type":"string","description_kind":"plain","optional":true,"computed":true},"ids":{"type":["list","number"],"description_kind":"plain","optional":true,"computed":true},"name_regex":{"type":"string","description_kind":"plain","optional":true},"names":{"type":["list","string"],"description_kind":"plain","computed":true},"output_file":{"type":"string","description_kind":"plain","optional":true},"policies":{"type":["list",["object",{"ctime":"string","cuser_id":"string","description":"string","id":"number","name":"string","policy_document":"string","region":"string"}]],"description_kind":"plain","computed":true}},"description_kind":"plain"}},"apsarastack_ascm_ram_policies_for_user":{"version":0,"block":{"attributes":{"id":{"type":"string","description_kind":"plain","optional":true,"computed":true},"ids":{"type":["list","number"],"description_kind":"plain","optional":true,"computed":true},"login_name":{"type":"string","description_kind":"plain","required":true},"output_file":{"type":"string","description_kind":"plain","optional":true},"policies":{"type":["list",["object",{"attach_date":"string","default_version":"string","description":"string","policy_document":"string","policy_name":"string","policy_type":"string"}]],"description_kind":"plain","computed":true}},"description_kind":"plain"}},"apsarastack_ascm_ram_service_roles":{"version":0,"block":{"attributes":{"description":{"type":"string","description_kind":"plain","optional":true,"computed":true},"id":{"type":"string","description_kind":"plain","optional":true,"computed":true},"ids":{"type":["list","string"],"description_kind":"plain","optional":true,"computed":true},"names":{"type":["list","string"],"description_kind":"plain","computed":true},"output_file":{"type":"string","description_kind":"plain","optional":true},"product":{"type":"string","description_kind":"plain","optional":true},"roles":{"type":["list",["object",{"aliyun_user_id":"number","description":"string","id":"string","name":"string","organization_name":"string","product":"string","role_type":"string"}]],"description_kind":"plain","computed":true}},"description_kind":"plain"}},"apsarastack_ascm_regions_by_product":{"version":0,"block":{"attributes":{"id":{"type":"string","description_kind":"plain","optional":true,"computed":true},"ids":{"type":["list","number"],"description_kind":"plain","optional":true,"computed":true},"organization":{"type":"string","description_kind":"plain","optional":true},"output_file":{"type":"string","description_kind":"plain","optional":true},"product_name":{"type":"string","description_kind":"plain","required":true},"region_list":{"type":["list",["object",{"region_id":"string","region_type":"string"}]],"description_kind":"plain","computed":true}},"description_kind":"plain"}},"apsarastack_ascm_resource_groups":{"version":0,"block":{"attributes":{"groups":{"type":["list",["object",{"creator":"string","gmt_created":"string","id":"number","name":"string","organization_id":"number","resource_group_type":"number","rs_id":"string"}]],"description_kind":"plain","computed":true},"id":{"type":"string","description_kind":"plain","optional":true,"computed":true},"ids":{"type":["list","number"],"description_kind":"plain","optional":true,"computed":true},"name_regex":{"type":"string","description_kind":"plain","optional":true},"names":{"type":["list","string"],"description_kind":"plain","computed":true},"organization_id":{"type":"number","description_kind":"plain","optional":true,"computed":true},"output_file":{"type":"string","description_kind":"plain","optional":true}},"description_kind":"plain"}},"apsarastack_ascm_roles":{"version":0,"block":{"attributes":{"description":{"type":"string","description_kind":"plain","optional":true,"computed":true},"id":{"type":"number","description_kind":"plain","optional":true},"name_regex":{"type":"string","description_kind":"plain","optional":true},"names":{"type":["list","string"],"description_kind":"plain","computed":true},"output_file":{"type":"string","description_kind":"plain","optional":true},"role_type":{"type":"string","description_kind":"plain","optional":true,"computed":true},"roles":{"type":["list",["object",{"active":"bool","code":"string","default":"bool","description":"string","enable":"bool","id":"number","name":"string","owner_organization_id":"number","ram_role":"bool","role_level":"number","role_range":"string","role_type":"string","user_count":"number"}]],"description_kind":"plain","computed":true}},"description_kind":"plain"}},"apsarastack_ascm_service_cluster_by_product":{"version":0,"block":{"attributes":{"cluster_list":{"type":["list",["object",{"cluster_by_region":["list","string"]}]],"description_kind":"plain","computed":true},"id":{"type":"string","description_kind":"plain","optional":true,"computed":true},"ids":{"type":["list","number"],"description_kind":"plain","optional":true,"computed":true},"output_file":{"type":"string","description_kind":"plain","optional":true},"product_name":{"type":"string","description_kind":"plain","required":true}},"description_kind":"plain"}},"apsarastack_ascm_specific_fields":{"version":0,"block":{"attributes":{"group_filed":{"type":"string","description_kind":"plain","required":true},"id":{"type":"string","description_kind":"plain","optional":true,"computed":true},"ids":{"type":["list","number"],"description_kind":"plain","optional":true,"computed":true},"label":{"type":"bool","description_kind":"plain","optional":true},"output_file":{"type":"string","description_kind":"plain","optional":true},"resource_type":{"type":"string","description_kind":"plain","required":true},"specific_fields":{"type":["set","string"],"description_kind":"plain","computed":true}},"description_kind":"plain"}},"apsarastack_ascm_users":{"version":0,"block":{"attributes":{"id":{"type":"string","description_kind":"plain","optional":true,"computed":true},"ids":{"type":["list","string"],"description_kind":"plain","optional":true,"computed":true},"name_regex":{"type":"string","description_kind":"plain","optional":true},"names":{"type":["list","string"],"description_kind":"plain","computed":true},"organization_id":{"type":"number","description_kind":"plain","optional":true,"computed":true},"output_file":{"type":"string","description_kind":"plain","optional":true},"role_ids":{"type":["list","number"],"description_kind":"plain","computed":true},"users":{"type":["list",["object",{"acc":"number","cell_phone_number":"string","default_role_id":"number","display_name":"string","email":"string","id":"string","login_name":"string","login_policy_id":"number","mobile_nation_code":"string","organization_id":"number","role_ids":["list","number"]}]],"description_kind":"plain","computed":true}},"description_kind":"plain"}},"apsarastack_cms_alarm_contact_groups":{"version":0,"block":{"attributes":{"groups":{"type":["list",["object",{"alarm_contact_group_name":"string","contacts":["list","string"],"describe":"string","enable_subscribed":"bool","id":"string"}]],"description_kind":"plain","computed":true},"id":{"type":"string","description_kind":"plain","optional":true,"computed":true},"ids":{"type":["list","string"],"description_kind":"plain","optional":true,"computed":true},"name_regex":{"type":"string","description_kind":"plain","optional":true},"names":{"type":["list","string"],"description_kind":"plain","computed":true},"output_file":{"type":"string","description_kind":"plain","optional":true}},"description_kind":"plain"}},"apsarastack_cms_alarm_contacts":{"version":0,"block":{"attributes":{"chanel_type":{"type":"string","description_kind":"plain","optional":true},"chanel_value":{"type":"string","description_kind":"plain","optional":true},"contacts":{"type":["list",["object",{"alarm_contact_name":"string","id":"string"}]],"description_kind":"plain","computed":true},"id":{"type":"string","description_kind":"plain","optional":true,"computed":true},"ids":{"type":["list","string"],"description_kind":"plain","optional":true,"computed":true},"name_regex":{"type":"string","description_kind":"plain","optional":true},"names":{"type":["list","string"],"description_kind":"plain","computed":true},"output_file":{"type":"string","description_kind":"plain","optional":true}},"description_kind":"plain"}},"apsarastack_cms_alarms":{"version":0,"block":{"attributes":{"alarms":{"type":["list",["object",{"contact_groups":"string","dimensions":"string","effective_interval":"string","enable_state":"bool","escalations":["list",["object",{"critical_comparison_operator":"string","critical_statistics":"string","critical_threshold":"string","critical_times":"number","info_comparison_operator":"string","info_statistics":"string","info_threshold":"string","info_times":"number","warn_comparison_operator":"string","warn_statistics":"string","warn_threshold":"string","warn_times":"number"}]],"group_id":"string","group_name":"string","mail_subject":"string","metric_name":"string","namespace":"string","no_effective_interval":"string","period":"number","resources":"string","rule_id":"string","rule_name":"string","silence_time":"string","source_type":"string","webhook":"string"}]],"description_kind":"plain","computed":true},"id":{"type":"string","description_kind":"plain","optional":true,"computed":true},"name_regex":{"type":"string","description_kind":"plain","optional":true},"rule_id":{"type":"string","description_kind":"plain","optional":true}},"description_kind":"plain"}},"apsarastack_cms_metric_metalist":{"version":0,"block":{"attributes":{"id":{"type":"string","description_kind":"plain","optional":true,"computed":true},"namespace":{"type":"string","description_kind":"plain","required":true},"resources":{"type":["list",["object",{"description":"string","dimensions":"string","labels":"string","metric_name":"string","namespace":"string","periods":"string","statistics":"string","unit":"string"}]],"description_kind":"plain","computed":true}},"description_kind":"plain"}},"apsarastack_cms_project_meta":{"version":0,"block":{"attributes":{"id":{"type":"string","description_kind":"plain","optional":true,"computed":true},"name_regex":{"type":"string","description_kind":"plain","optional":true},"resources":{"type":["list",["object",{"description":"string","labels":"string","namespace":"string"}]],"description_kind":"plain","computed":true}},"description_kind":"plain"}},"apsarastack_common_bandwidth_packages":{"version":0,"block":{"attributes":{"id":{"type":"string","description_kind":"plain","optional":true,"computed":true},"ids":{"type":["list","string"],"description_kind":"plain","optional":true,"computed":true},"name_regex":{"type":"string","description_kind":"plain","optional":true},"names":{"type":["list","string"],"description_kind":"plain","computed":true},"output_file":{"type":"string","description_kind":"plain","optional":true},"packages":{"type":["list",["object",{"bandwidth":"string","business_status":"string","creation_time":"string","description":"string","id":"string","isp":"string","name":"string","public_ip_addresses":["list",["object",{"allocation_id":"string","ip_address":"string"}]],"status":"string"}]],"description_kind":"plain","computed":true},"resource_group_id":{"type":"string","description_kind":"plain","optional":true}},"description_kind":"plain"}},"apsarastack_cr_ee_instances":{"version":0,"block":{"attributes":{"id":{"type":"string","description_kind":"plain","optional":true,"computed":true},"ids":{"type":["list","string"],"description_kind":"plain","optional":true,"computed":true},"instances":{"type":["list",["object",{"id":"string","name":"string","namespace_quota":"string","namespace_usage":"string","public_endpoints":["list","string"],"region":"string","repo_quota":"string","repo_usage":"string","specification":"string","vpc_endpoints":["list","string"]}]],"description_kind":"plain","computed":true},"name_regex":{"type":"string","description_kind":"plain","optional":true},"names":{"type":["list","string"],"description_kind":"plain","computed":true},"output_file":{"type":"string","description_kind":"plain","optional":true}},"description_kind":"plain"}},"apsarastack_cr_ee_namespaces":{"version":0,"block":{"attributes":{"id":{"type":"string","description_kind":"plain","optional":true,"computed":true},"ids":{"type":["list","string"],"description_kind":"plain","optional":true,"computed":true},"instance_id":{"type":"string","description_kind":"plain","required":true},"name_regex":{"type":"string","description_kind":"plain","optional":true},"names":{"type":["list","string"],"description_kind":"plain","computed":true},"namespaces":{"type":["list",["object",{"auto_create":"bool","default_visibility":"string","id":"string","instance_id":"string","name":"string"}]],"description_kind":"plain","computed":true},"output_file":{"type":"string","description_kind":"plain","optional":true}},"description_kind":"plain"}},"apsarastack_cr_ee_repos":{"version":0,"block":{"attributes":{"enable_details":{"type":"bool","description_kind":"plain","optional":true},"id":{"type":"string","description_kind":"plain","optional":true,"computed":true},"ids":{"type":["list","string"],"description_kind":"plain","optional":true,"computed":true},"instance_id":{"type":"string","description_kind":"plain","required":true},"name_regex":{"type":"string","description_kind":"plain","optional":true},"names":{"type":["list","string"],"description_kind":"plain","computed":true},"namespace":{"type":"string","description_kind":"plain","optional":true},"output_file":{"type":"string","description_kind":"plain","optional":true},"repos":{"type":["list",["object",{"id":"string","instance_id":"string","name":"string","namespace":"string","repo_type":"string","summary":"string","tags":["list",["object",{"digest":"string","image_create":"string","image_id":"string","image_size":"number","image_update":"string","status":"string","tag":"string"}]]}]],"description_kind":"plain","computed":true}},"description_kind":"plain"}},"apsarastack_cr_ee_sync_rules":{"version":0,"block":{"attributes":{"id":{"type":"string","description_kind":"plain","optional":true,"computed":true},"ids":{"type":["list","string"],"description_kind":"plain","optional":true,"computed":true},"instance_id":{"type":"string","description_kind":"plain","required":true},"name_regex":{"type":"string","description_kind":"plain","optional":true},"names":{"type":["list","string"],"description_kind":"plain","computed":true},"namespace_name":{"type":"string","description_kind":"plain","optional":true},"output_file":{"type":"string","description_kind":"plain","optional":true},"repo_name":{"type":"string","description_kind":"plain","optional":true},"rules":{"type":["list",["object",{"id":"string","instance_id":"string","name":"string","namespace_name":"string","region_id":"string","repo_name":"string","sync_direction":"string","sync_scope":"string","sync_trigger":"string","tag_filter":"string","target_instance_id":"string","target_namespace_name":"string","target_region_id":"string","target_repo_name":"string"}]],"description_kind":"plain","computed":true},"target_instance_id":{"type":"string","description_kind":"plain","optional":true}},"description_kind":"plain"}},"apsarastack_cr_namespaces":{"version":0,"block":{"attributes":{"id":{"type":"string","description_kind":"plain","optional":true,"computed":true},"ids":{"type":["list","string"],"description_kind":"plain","computed":true},"name_regex":{"type":"string","description_kind":"plain","optional":true},"names":{"type":["list","string"],"description_kind":"plain","computed":true},"namespaces":{"type":["list",["object",{"auto_create":"bool","default_visibility":"string","name":"string"}]],"description_kind":"plain","computed":true},"output_file":{"type":"string","description_kind":"plain","optional":true}},"description_kind":"plain"}},"apsarastack_cr_repos":{"version":0,"block":{"attributes":{"enable_details":{"type":"bool","description_kind":"plain","optional":true},"id":{"type":"string","description_kind":"plain","optional":true,"computed":true},"ids":{"type":["list","string"],"description_kind":"plain","computed":true},"name_regex":{"type":"string","description_kind":"plain","optional":true},"names":{"type":["list","string"],"description_kind":"plain","computed":true},"namespace":{"type":"string","description_kind":"plain","optional":true},"output_file":{"type":"string","description_kind":"plain","optional":true},"repos":{"type":["list",["object",{"domain_list":["map","string"],"name":"string","namespace":"string","repo_type":"string","summary":"string"}]],"description_kind":"plain","computed":true}},"description_kind":"plain"}},"apsarastack_cs_kubernetes_clusters":{"version":0,"block":{"attributes":{"clusters":{"type":["list",["object",{"availability_zone":"string","cluster_network_type":"string","connections":["map","string"],"id":"string","image_id":"string","key_name":"string","log_config":["list",["object",{"project":"string","type":"string"}]],"master_auto_renew":"bool","master_auto_renew_period":"number","master_disk_category":"string","master_disk_size":"number","master_instance_charge_type":"string","master_instance_types":["list","string"],"master_nodes":["list",["object",{"id":"string","name":"string","private_ip":"string"}]],"master_period":"number","master_period_unit":"string","name":"string","nat_gateway_id":"string","node_cidr_mask":"string","pod_cidr":"string","security_group_id":"string","service_cidr":"string","slb_internet_enabled":"bool","state":"string","vpc_id":"string","vswitch_ids":["list","string"],"worker_auto_renew":"bool","worker_auto_renew_period":"number","worker_data_disk_category":"string","worker_data_disk_size":"string","worker_disk_category":"string","worker_disk_size":"number","worker_instance_charge_type":"string","worker_instance_types":["list","string"],"worker_nodes":["list",["object",{"id":"string","name":"string","private_ip":"string"}]],"worker_numbers":["list","number"],"worker_period":"number","worker_period_unit":"string"}]],"description_kind":"plain","computed":true},"enable_details":{"type":"bool","description_kind":"plain","optional":true},"id":{"type":"string","description_kind":"plain","optional":true,"computed":true},"ids":{"type":["list","string"],"description_kind":"plain","optional":true,"computed":true},"kube_config":{"type":"string","description_kind":"plain","optional":true},"name_regex":{"type":"string","description_kind":"plain","optional":true},"names":{"type":["list","string"],"description_kind":"plain","computed":true},"output_file":{"type":"string","description_kind":"plain","optional":true},"state":{"type":"string","description_kind":"plain","optional":true}},"description_kind":"plain"}},"apsarastack_db_instances":{"version":0,"block":{"attributes":{"connection_mode":{"type":"string","description_kind":"plain","optional":true},"db_type":{"type":"string","description_kind":"plain","optional":true},"engine":{"type":"string","description_kind":"plain","optional":true},"id":{"type":"string","description_kind":"plain","optional":true,"computed":true},"ids":{"type":["list","string"],"description_kind":"plain","optional":true,"computed":true},"instances":{"type":["list",["object",{"availability_zone":"string","charge_type":"string","connection_mode":"string","connection_string":"string","create_time":"string","db_type":"string","engine":"string","engine_version":"string","expire_time":"string","guard_instance_id":"string","id":"string","instance_storage":"number","instance_type":"string","master_instance_id":"string","name":"string","net_type":"string","port":"string","readonly_instance_ids":["list","string"],"region_id":"string","status":"string","temp_instance_id":"string","vpc_id":"string","vswitch_id":"string"}]],"description_kind":"plain","computed":true},"name_regex":{"type":"string","description_kind":"plain","optional":true},"names":{"type":["list","string"],"description_kind":"plain","computed":true},"output_file":{"type":"string","description_kind":"plain","optional":true},"status":{"type":"string","description_kind":"plain","optional":true},"tags":{"type":["map","string"],"description_kind":"plain","optional":true},"vpc_id":{"type":"string","description_kind":"plain","optional":true},"vswitch_id":{"type":"string","description_kind":"plain","optional":true}},"description_kind":"plain"}},"apsarastack_db_zones":{"version":0,"block":{"attributes":{"id":{"type":"string","description_kind":"plain","optional":true,"computed":true},"ids":{"type":["list","string"],"description_kind":"plain","computed":true},"instance_charge_type":{"type":"string","description_kind":"plain","optional":true},"multi":{"type":"bool","description_kind":"plain","optional":true},"output_file":{"type":"string","description_kind":"plain","optional":true},"zones":{"type":["list",["object",{"id":"string","multi_zone_ids":["list","string"]}]],"description_kind":"plain","computed":true}},"description_kind":"plain"}},"apsarastack_disks":{"version":0,"block":{"attributes":{"category":{"type":"string","description_kind":"plain","optional":true},"disks":{"type":["list",["object",{"attached_time":"string","availability_zone":"string","category":"string","creation_time":"string","description":"string","detached_time":"string","expiration_time":"string","id":"string","image_id":"string","instance_id":"string","kms_key_id":"string","name":"string","region_id":"string","size":"number","snapshot_id":"string","status":"string","tags":["map","string"],"type":"string"}]],"description_kind":"plain","computed":true},"id":{"type":"string","description_kind":"plain","optional":true,"computed":true},"ids":{"type":["list","string"],"description_kind":"plain","optional":true,"computed":true},"instance_id":{"type":"string","description_kind":"plain","optional":true},"name_regex":{"type":"string","description_kind":"plain","optional":true},"output_file":{"type":"string","description_kind":"plain","optional":true},"tags":{"type":["map","string"],"description_kind":"plain","optional":true},"type":{"type":"string","description_kind":"plain","optional":true}},"description_kind":"plain"}},"apsarastack_dns_domains":{"version":0,"block":{"attributes":{"ali_domain":{"type":"bool","description_kind":"plain","optional":true},"domain_name_regex":{"type":"string","description_kind":"plain","optional":true},"domains":{"type":["list",["object",{"ali_domain":"bool","dns_servers":["list","string"],"domain_id":"string","domain_name":"string","group_id":"string","group_name":"string","instance_id":"string","puny_code":"string","tags":["map","string"],"version_code":"string"}]],"description_kind":"plain","computed":true},"group_name_regex":{"type":"string","description_kind":"plain","optional":true},"id":{"type":"string","description_kind":"plain","optional":true,"computed":true},"ids":{"type":["list","string"],"description_kind":"plain","optional":true,"computed":true},"instance_id":{"type":"string","description_kind":"plain","optional":true},"names":{"type":["list","string"],"description_kind":"plain","computed":true},"output_file":{"type":"string","description_kind":"plain","optional":true},"resource_group_id":{"type":"string","description_kind":"plain","optional":true},"version_code":{"type":"string","description_kind":"plain","optional":true}},"description_kind":"plain"}},"apsarastack_dns_groups":{"version":0,"block":{"attributes":{"groups":{"type":["list",["object",{"group_id":"string","group_name":"string"}]],"description_kind":"plain","computed":true},"id":{"type":"string","description_kind":"plain","optional":true,"computed":true},"ids":{"type":["list","string"],"description_kind":"plain","optional":true,"computed":true},"name_regex":{"type":"string","description_kind":"plain","optional":true},"names":{"type":["list","string"],"description_kind":"plain","computed":true},"output_file":{"type":"string","description_kind":"plain","optional":true}},"description_kind":"plain"}},"apsarastack_dns_records":{"version":0,"block":{"attributes":{"domain_id":{"type":"string","description_kind":"plain","required":true},"host_record_regex":{"type":"string","description_kind":"plain","optional":true},"id":{"type":"string","description_kind":"plain","optional":true,"computed":true},"ids":{"type":["list","string"],"description_kind":"plain","optional":true,"computed":true},"output_file":{"type":"string","description_kind":"plain","optional":true},"records":{"type":["list",["object",{"description":"string","domain_id":"string","host_record":"string","record_id":"number","rr_set":["list","string"],"ttl":"number","type":"string"}]],"description_kind":"plain","computed":true},"type":{"type":"string","description_kind":"plain","optional":true}},"description_kind":"plain"}},"apsarastack_eips":{"version":0,"block":{"attributes":{"eips":{"type":["list",["object",{"bandwidth":"string","id":"string","instance_id":"string","instance_type":"string","ip_address":"string","status":"string"}]],"description_kind":"plain","computed":true},"id":{"type":"string","description_kind":"plain","optional":true,"computed":true},"ids":{"type":["list","string"],"description_kind":"plain","optional":true,"computed":true},"ip_addresses":{"type":["list","string"],"description_kind":"plain","optional":true},"names":{"type":["list","string"],"description_kind":"plain","computed":true},"output_file":{"type":"string","description_kind":"plain","optional":true}},"description_kind":"plain"}},"apsarastack_ess_lifecycle_hooks":{"version":0,"block":{"attributes":{"hooks":{"type":["list",["object",{"default_result":"string","heartbeat_timeout":"number","id":"string","lifecycle_transition":"string","name":"string","notification_arn":"string","notification_metadata":"string","scaling_group_id":"string"}]],"description_kind":"plain","computed":true},"id":{"type":"string","description_kind":"plain","optional":true,"computed":true},"ids":{"type":["list","string"],"description_kind":"plain","optional":true,"computed":true},"name_regex":{"type":"string","description_kind":"plain","optional":true},"names":{"type":["list","string"],"description_kind":"plain","computed":true},"output_file":{"type":"string","description_kind":"plain","optional":true},"scaling_group_id":{"type":"string","description_kind":"plain","optional":true}},"description_kind":"plain"}},"apsarastack_ess_notifications":{"version":0,"block":{"attributes":{"id":{"type":"string","description_kind":"plain","optional":true,"computed":true},"ids":{"type":["list","string"],"description_kind":"plain","optional":true},"notifications":{"type":["list",["object",{"id":"string","notification_arn":"string","notification_types":["set","string"],"scaling_group_id":"string"}]],"description_kind":"plain","computed":true},"output_file":{"type":"string","description_kind":"plain","optional":true},"scaling_group_id":{"type":"string","description_kind":"plain","required":true}},"description_kind":"plain"}},"apsarastack_ess_scaling_configurations":{"version":0,"block":{"attributes":{"configurations":{"type":["list",["object",{"creation_time":"string","data_disks":["list",["object",{"category":"string","delete_with_instance":"bool","device":"string","size":"number","snapshot_id":"string"}]],"id":"string","image_id":"string","instance_type":"string","internet_max_bandwidth_in":"number","internet_max_bandwidth_out":"number","lifecycle_state":"string","name":"string","scaling_group_id":"string","security_group_id":"string","system_disk_category":"string","system_disk_size":"number"}]],"description_kind":"plain","computed":true},"id":{"type":"string","description_kind":"plain","optional":true,"computed":true},"ids":{"type":["list","string"],"description_kind":"plain","optional":true,"computed":true},"name_regex":{"type":"string","description_kind":"plain","optional":true},"names":{"type":["list","string"],"description_kind":"plain","computed":true},"output_file":{"type":"string","description_kind":"plain","optional":true},"scaling_group_id":{"type":"string","description_kind":"plain","optional":true}},"description_kind":"plain"}},"apsarastack_ess_scaling_groups":{"version":0,"block":{"attributes":{"groups":{"type":["list",["object",{"active_capacity":"number","active_scaling_configuration":"string","cooldown_time":"number","creation_time":"string","db_instance_ids":["list","string"],"id":"string","lifecycle_state":"string","load_balancer_ids":["list","string"],"max_size":"number","min_size":"number","name":"string","pending_capacity":"number","region_id":"string","removal_policies":["list","string"],"removing_capacity":"number","total_capacity":"number","vswitch_ids":["list","string"]}]],"description_kind":"plain","computed":true},"id":{"type":"string","description_kind":"plain","optional":true,"computed":true},"ids":{"type":["list","string"],"description_kind":"plain","optional":true,"computed":true},"name_regex":{"type":"string","description_kind":"plain","optional":true},"names":{"type":["list","string"],"description_kind":"plain","computed":true},"output_file":{"type":"string","description_kind":"plain","optional":true}},"description_kind":"plain"}},"apsarastack_ess_scaling_rules":{"version":0,"block":{"attributes":{"id":{"type":"string","description_kind":"plain","optional":true,"computed":true},"ids":{"type":["list","string"],"description_kind":"plain","optional":true,"computed":true},"name_regex":{"type":"string","description_kind":"plain","optional":true},"names":{"type":["list","string"],"description_kind":"plain","computed":true},"output_file":{"type":"string","description_kind":"plain","optional":true},"rules":{"type":["list",["object",{"adjustment_type":"string","adjustment_value":"number","cooldown":"number","id":"string","name":"string","scaling_group_id":"string","scaling_rule_ari":"string","type":"string"}]],"description_kind":"plain","computed":true},"scaling_group_id":{"type":"string","description_kind":"plain","optional":true},"type":{"type":"string","description_kind":"plain","optional":true}},"description_kind":"plain"}},"apsarastack_ess_scheduled_tasks":{"version":0,"block":{"attributes":{"id":{"type":"string","description_kind":"plain","optional":true,"computed":true},"ids":{"type":["list","string"],"description_kind":"plain","optional":true,"computed":true},"name_regex":{"type":"string","description_kind":"plain","optional":true},"names":{"type":["list","string"],"description_kind":"plain","computed":true},"output_file":{"type":"string","description_kind":"plain","optional":true},"scheduled_action":{"type":"string","description_kind":"plain","optional":true},"scheduled_task_id":{"type":"string","description_kind":"plain","optional":true},"tasks":{"type":["list",["object",{"description":"string","id":"string","launch_expiration_time":"number","launch_time":"string","max_value":"number","min_value":"number","name":"string","recurrence_end_time":"string","recurrence_type":"string","recurrence_value":"string","scheduled_action":"string","task_enabled":"bool"}]],"description_kind":"plain","computed":true}},"description_kind":"plain"}},"apsarastack_forward_entries":{"version":0,"block":{"attributes":{"entries":{"type":["list",["object",{"external_ip":"string","external_port":"string","id":"string","internal_ip":"string","internal_port":"string","ip_protocol":"string","status":"string"}]],"description_kind":"plain","computed":true},"external_ip":{"type":"string","description_kind":"plain","optional":true},"forward_table_id":{"type":"string","description_kind":"plain","required":true},"id":{"type":"string","description_kind":"plain","optional":true,"computed":true},"ids":{"type":["list","string"],"description_kind":"plain","optional":true,"computed":true},"internal_ip":{"type":"string","description_kind":"plain","optional":true},"name_regex":{"type":"string","description_kind":"plain","optional":true},"output_file":{"type":"string","description_kind":"plain","optional":true}},"description_kind":"plain"}},"apsarastack_gpdb_instances":{"version":0,"block":{"attributes":{"availability_zone":{"type":"string","description_kind":"plain","optional":true},"id":{"type":"string","description_kind":"plain","optional":true,"computed":true},"ids":{"type":["list","string"],"description_kind":"plain","optional":true,"computed":true},"instances":{"type":["list",["object",{"availability_zone":"string","charge_type":"string","creation_time":"string","description":"string","engine":"string","engine_version":"string","id":"string","instance_class":"string","instance_group_count":"string","instance_network_type":"string","region_id":"string","status":"string"}]],"description_kind":"plain","computed":true},"name_regex":{"type":"string","description_kind":"plain","optional":true},"names":{"type":["list","string"],"description_kind":"plain","computed":true},"output_file":{"type":"string","description_kind":"plain","optional":true},"tags":{"type":["map","string"],"description_kind":"plain","optional":true},"vswitch_id":{"type":"string","description_kind":"plain","optional":true}},"description_kind":"plain"}},"apsarastack_images":{"version":0,"block":{"attributes":{"id":{"type":"string","description_kind":"plain","optional":true,"computed":true},"ids":{"type":["list","string"],"description_kind":"plain","computed":true},"images":{"type":["list",["object",{"architecture":"string","creation_time":"string","description":"string","disk_device_mappings":["list",["object",{"device":"string","size":"string","snapshot_id":"string"}]],"id":"string","image_id":"string","image_owner_alias":"string","image_version":"string","is_copied":"bool","is_self_shared":"string","is_subscribed":"bool","is_support_io_optimized":"bool","name":"string","os_name":"string","os_name_en":"string","os_type":"string","platform":"string","product_code":"string","progress":"string","size":"number","state":"string","status":"string","tags":["map","string"],"usage":"string"}]],"description_kind":"plain","computed":true},"most_recent":{"type":"bool","description_kind":"plain","optional":true},"name_regex":{"type":"string","description_kind":"plain","optional":true},"output_file":{"type":"string","description_kind":"plain","optional":true},"owners":{"type":"string","description_kind":"plain","optional":true}},"description_kind":"plain"}},"apsarastack_instance_type_families":{"version":0,"block":{"attributes":{"families":{"type":["list",["object",{"generation":"string","id":"string","zone_ids":["list","string"]}]],"description_kind":"plain","computed":true},"generation":{"type":"string","description_kind":"plain","optional":true},"id":{"type":"string","description_kind":"plain","optional":true,"computed":true},"ids":{"type":["list","string"],"description_kind":"plain","computed":true},"output_file":{"type":"string","description_kind":"plain","optional":true},"zone_id":{"type":"string","description_kind":"plain","optional":true}},"description_kind":"plain"}},"apsarastack_instance_types":{"version":0,"block":{"attributes":{"availability_zone":{"type":"string","description_kind":"plain","optional":true},"cpu_core_count":{"type":"number","description_kind":"plain","optional":true},"eni_amount":{"type":"number","description_kind":"plain","optional":true},"id":{"type":"string","description_kind":"plain","optional":true,"computed":true},"ids":{"type":["list","string"],"description_kind":"plain","computed":true},"instance_type_family":{"type":"string","description_kind":"plain","optional":true},"instance_types":{"type":["list",["object",{"availability_zones":["list","string"],"burstable_instance":["map","string"],"cpu_core_count":"number","eni_amount":"number","family":"string","id":"string","local_storage":["map","string"],"memory_size":"number","price":"string"}]],"description_kind":"plain","computed":true},"kubernetes_node_role":{"type":"string","description_kind":"plain","optional":true},"memory_size":{"type":"number","description_kind":"plain","optional":true},"output_file":{"type":"string","description_kind":"plain","optional":true},"sorted_by":{"type":"string","description_kind":"plain","optional":true}},"description_kind":"plain"}},"apsarastack_instances":{"version":0,"block":{"attributes":{"availability_zone":{"type":"string","description_kind":"plain","optional":true},"id":{"type":"string","description_kind":"plain","optional":true,"computed":true},"ids":{"type":["list","string"],"description_kind":"plain","optional":true,"computed":true},"image_id":{"type":"string","description_kind":"plain","optional":true},"instances":{"type":["list",["object",{"availability_zone":"string","creation_time":"string","description":"string","disk_device_mappings":["list",["object",{"category":"string","device":"string","size":"number","type":"string"}]],"eip":"string","id":"string","image_id":"string","instance_charge_type":"string","instance_type":"string","internet_max_bandwidth_out":"number","key_name":"string","name":"string","private_ip":"string","ram_role_name":"string","region_id":"string","security_groups":["list","string"],"status":"string","tags":["map","string"],"vpc_id":"string","vswitch_id":"string"}]],"description_kind":"plain","computed":true},"name_regex":{"type":"string","description_kind":"plain","optional":true},"names":{"type":["list","string"],"description_kind":"plain","computed":true},"output_file":{"type":"string","description_kind":"plain","optional":true},"ram_role_name":{"type":"string","description_kind":"plain","optional":true},"status":{"type":"string","description_kind":"plain","optional":true},"tags":{"type":["map","string"],"description_kind":"plain","optional":true},"vpc_id":{"type":"string","description_kind":"plain","optional":true},"vswitch_id":{"type":"string","description_kind":"plain","optional":true}},"description_kind":"plain"}},"apsarastack_key_pairs":{"version":0,"block":{"attributes":{"finger_print":{"type":"bool","description_kind":"plain","optional":true,"computed":true},"id":{"type":"string","description_kind":"plain","optional":true,"computed":true},"ids":{"type":["list","string"],"description_kind":"plain","optional":true,"computed":true},"key_pairs":{"type":["list",["object",{"finger_print":"string","id":"string","instances":["list",["object",{"availability_zone":"string","description":"string","image_id":"string","instance_id":"string","instance_name":"string","instance_type":"string","key_name":"string","private_ip":"string","public_ip":"string","region_id":"string","status":"string","vswitch_id":"string"}]],"key_name":"string","tags":["map","string"]}]],"description_kind":"plain","computed":true},"name_regex":{"type":"string","description_kind":"plain","optional":true},"names":{"type":["list","string"],"description_kind":"plain","computed":true},"output_file":{"type":"string","description_kind":"plain","optional":true},"tags":{"type":["map","string"],"description_kind":"plain","optional":true}},"description_kind":"plain"}},"apsarastack_kms_aliases":{"version":0,"block":{"attributes":{"aliases":{"type":["list",["object",{"alias_name":"string","id":"string","key_id":"string"}]],"description_kind":"plain","computed":true},"id":{"type":"string","description_kind":"plain","optional":true,"computed":true},"ids":{"type":["list","string"],"description_kind":"plain","optional":true,"computed":true},"name_regex":{"type":"string","description_kind":"plain","optional":true},"names":{"type":["list","string"],"description_kind":"plain","computed":true},"output_file":{"type":"string","description_kind":"plain","optional":true}},"description_kind":"plain"}},"apsarastack_kms_ciphertext":{"version":0,"block":{"attributes":{"ciphertext_blob":{"type":"string","description_kind":"plain","computed":true},"encryption_context":{"type":["map","string"],"description_kind":"plain","optional":true},"id":{"type":"string","description_kind":"plain","optional":true,"computed":true},"key_id":{"type":"string","description_kind":"plain","required":true},"plaintext":{"type":"string","description_kind":"plain","required":true,"sensitive":true}},"description_kind":"plain"}},"apsarastack_kms_keys":{"version":0,"block":{"attributes":{"description_regex":{"type":"string","description_kind":"plain","optional":true},"id":{"type":"string","description_kind":"plain","optional":true,"computed":true},"ids":{"type":["list","string"],"description_kind":"plain","optional":true,"computed":true},"keys":{"type":["list",["object",{"arn":"string","creation_date":"string","creator":"string","delete_date":"string","description":"string","id":"string","status":"string"}]],"description_kind":"plain","computed":true},"output_file":{"type":"string","description_kind":"plain","optional":true},"status":{"type":"string","description_kind":"plain","optional":true}},"description_kind":"plain"}},"apsarastack_kms_secrets":{"version":0,"block":{"attributes":{"fetch_tags":{"type":"bool","description_kind":"plain","optional":true},"id":{"type":"string","description_kind":"plain","optional":true,"computed":true},"ids":{"type":["list","string"],"description_kind":"plain","optional":true,"computed":true},"name_regex":{"type":"string","description_kind":"plain","optional":true},"names":{"type":["list","string"],"description_kind":"plain","computed":true},"output_file":{"type":"string","description_kind":"plain","optional":true},"secrets":{"type":["list",["object",{"id":"string","planned_delete_time":"string","secret_name":"string","tags":["map","string"]}]],"description_kind":"plain","computed":true},"tags":{"type":["map","string"],"description_kind":"plain","optional":true}},"description_kind":"plain"}},"apsarastack_kvstore_instance_classes":{"version":0,"block":{"attributes":{"architecture":{"type":"string","description_kind":"plain","optional":true},"classes":{"type":["list",["object",{"instance_class":"string","price":"string"}]],"description_kind":"plain","computed":true},"edition_type":{"type":"string","description_kind":"plain","optional":true},"engine":{"type":"string","description_kind":"plain","optional":true},"engine_version":{"type":"string","description_kind":"plain","optional":true},"id":{"type":"string","description_kind":"plain","optional":true,"computed":true},"instance_charge_type":{"type":"string","description_kind":"plain","optional":true},"instance_classes":{"type":["list","string"],"description_kind":"plain","computed":true},"node_type":{"type":"string","description_kind":"plain","optional":true},"output_file":{"type":"string","description_kind":"plain","optional":true},"series_type":{"type":"string","description_kind":"plain","optional":true},"shard_number":{"type":"number","description_kind":"plain","optional":true},"sorted_by":{"type":"string","description_kind":"plain","optional":true},"zone_id":{"type":"string","description_kind":"plain","required":true}},"description_kind":"plain"}},"apsarastack_kvstore_instance_engines":{"version":0,"block":{"attributes":{"engine":{"type":"string","description_kind":"plain","optional":true},"engine_version":{"type":"string","description_kind":"plain","optional":true},"id":{"type":"string","description_kind":"plain","optional":true,"computed":true},"instance_charge_type":{"type":"string","description_kind":"plain","optional":true},"instance_engines":{"type":["list",["object",{"engine":"string","engine_version":"string","zone_id":"string"}]],"description_kind":"plain","computed":true},"output_file":{"type":"string","description_kind":"plain","optional":true},"zone_id":{"type":"string","description_kind":"plain","required":true}},"description_kind":"plain"}},"apsarastack_kvstore_instances":{"version":0,"block":{"attributes":{"id":{"type":"string","description_kind":"plain","optional":true,"computed":true},"ids":{"type":["list","string"],"description_kind":"plain","optional":true,"computed":true},"instance_type":{"type":"string","description_kind":"plain","optional":true},"instances":{"type":["list",["object",{"availability_zone":"string","bandwidth":"number","capacity":"number","charge_type":"string","connection_domain":"string","connections":"number","create_time":"string","expire_time":"string","id":"string","instance_class":"string","instance_type":"string","name":"string","port":"number","private_ip":"string","region_id":"string","status":"string","user_name":"string","vpc_id":"string","vswitch_id":"string"}]],"description_kind":"plain","computed":true},"name_regex":{"type":"string","description_kind":"plain","optional":true},"names":{"type":["list","string"],"description_kind":"plain","computed":true},"output_file":{"type":"string","description_kind":"plain","optional":true},"status":{"type":"string","description_kind":"plain","optional":true},"tags":{"type":["map","string"],"description_kind":"plain","optional":true}},"description_kind":"plain"}},"apsarastack_kvstore_zones":{"version":0,"block":{"attributes":{"id":{"type":"string","description_kind":"plain","optional":true,"computed":true},"ids":{"type":["list","string"],"description_kind":"plain","computed":true},"instance_charge_type":{"type":"string","description_kind":"plain","optional":true},"multi":{"type":"bool","description_kind":"plain","optional":true},"output_file":{"type":"string","description_kind":"plain","optional":true},"zones":{"type":["list",["object",{"id":"string","multi_zone_ids":["list","string"]}]],"description_kind":"plain","computed":true}},"description_kind":"plain"}},"apsarastack_mongodb_instances":{"version":0,"block":{"attributes":{"availability_zone":{"type":"string","description_kind":"plain","optional":true},"id":{"type":"string","description_kind":"plain","optional":true,"computed":true},"ids":{"type":["list","string"],"description_kind":"plain","optional":true,"computed":true},"instance_class":{"type":"string","description_kind":"plain","optional":true},"instance_type":{"type":"string","description_kind":"plain","optional":true},"instances":{"type":["list",["object",{"availability_zone":"string","charge_type":"string","creation_time":"string","engine":"string","engine_version":"string","expiration_time":"string","id":"string","instance_class":"string","instance_type":"string","lock_mode":"string","mongos":["list",["object",{"class":"string","description":"string","node_id":"string"}]],"name":"string","network_type":"string","region_id":"string","replication":"string","shards":["list",["object",{"class":"string","description":"string","node_id":"string","storage":"number"}]],"status":"string","storage":"number","tags":["map","string"]}]],"description_kind":"plain","computed":true},"name_regex":{"type":"string","description_kind":"plain","optional":true},"names":{"type":["list","string"],"description_kind":"plain","computed":true},"output_file":{"type":"string","description_kind":"plain","optional":true},"tags":{"type":["map","string"],"description_kind":"plain","optional":true}},"description_kind":"plain"}},"apsarastack_mongodb_zones":{"version":0,"block":{"attributes":{"id":{"type":"string","description_kind":"plain","optional":true,"computed":true},"ids":{"type":["list","string"],"description_kind":"plain","computed":true},"multi":{"type":"bool","description_kind":"plain","optional":true},"output_file":{"type":"string","description_kind":"plain","optional":true},"zones":{"type":["list",["object",{"id":"string","multi_zone_ids":["list","string"]}]],"description_kind":"plain","computed":true}},"description_kind":"plain"}},"apsarastack_nat_gateways":{"version":0,"block":{"attributes":{"gateways":{"type":["list",["object",{"creation_time":"string","description":"string","forward_table_id":"string","id":"string","name":"string","snat_table_id":"string","spec":"string","status":"string"}]],"description_kind":"plain","computed":true},"id":{"type":"string","description_kind":"plain","optional":true,"computed":true},"ids":{"type":["list","string"],"description_kind":"plain","optional":true,"computed":true},"name_regex":{"type":"string","description_kind":"plain","optional":true},"names":{"type":["list","string"],"description_kind":"plain","computed":true},"output_file":{"type":"string","description_kind":"plain","optional":true},"vpc_id":{"type":"string","description_kind":"plain","optional":true}},"description_kind":"plain"}},"apsarastack_network_interfaces":{"version":0,"block":{"attributes":{"id":{"type":"string","description_kind":"plain","optional":true,"computed":true},"ids":{"type":["set","string"],"description_kind":"plain","optional":true,"computed":true},"instance_id":{"type":"string","description_kind":"plain","optional":true},"interfaces":{"type":["list",["object",{"creation_time":"string","description":"string","id":"string","instance_id":"string","mac":"string","name":"string","private_ip":"string","private_ips":["list","string"],"public_ip":"string","security_groups":["list","string"],"status":"string","tags":["map","string"],"vpc_id":"string","vswitch_id":"string","zone_id":"string"}]],"description_kind":"plain","computed":true},"name_regex":{"type":"string","description_kind":"plain","optional":true},"names":{"type":["list","string"],"description_kind":"plain","computed":true},"output_file":{"type":"string","description_kind":"plain","optional":true},"private_ip":{"type":"string","description_kind":"plain","optional":true},"security_group_id":{"type":"string","description_kind":"plain","optional":true},"tags":{"type":["map","string"],"description_kind":"plain","optional":true},"type":{"type":"string","description_kind":"plain","optional":true},"vpc_id":{"type":"string","description_kind":"plain","optional":true},"vswitch_id":{"type":"string","description_kind":"plain","optional":true}},"description_kind":"plain"}},"apsarastack_ons_groups":{"version":0,"block":{"attributes":{"group_id_regex":{"type":"string","description_kind":"plain","optional":true},"groups":{"type":["list",["object",{"create_time":"number","group_id":"string","id":"number","independent_naming":"bool","instance_id":"string","owner":"string","remark":"string"}]],"description_kind":"plain","computed":true},"id":{"type":"string","description_kind":"plain","optional":true,"computed":true},"ids":{"type":["list","number"],"description_kind":"plain","computed":true},"instance_id":{"type":"string","description_kind":"plain","required":true},"output_file":{"type":"string","description_kind":"plain","optional":true}},"description_kind":"plain"}},"apsarastack_ons_instances":{"version":0,"block":{"attributes":{"id":{"type":"string","description_kind":"plain","optional":true,"computed":true},"ids":{"type":["list","string"],"description_kind":"plain","optional":true,"computed":true},"instances":{"type":["list",["object",{"cluster":"string","create_time":"number","id":"string","independent_naming":"bool","instance_id":"string","instance_name":"string","instance_status":"number","instance_type":"number","topic_capacity":"number","tps_receive_max":"number","tps_send_max":"number"}]],"description_kind":"plain","computed":true},"name_regex":{"type":"string","description_kind":"plain","optional":true},"names":{"type":["list","string"],"description_kind":"plain","computed":true},"output_file":{"type":"string","description_kind":"plain","optional":true}},"description_kind":"plain"}},"apsarastack_ons_topics":{"version":0,"block":{"attributes":{"id":{"type":"string","description_kind":"plain","optional":true,"computed":true},"instance_id":{"type":"string","description_kind":"plain","required":true},"message_type":{"type":"number","description_kind":"plain","optional":true,"computed":true},"name_regex":{"type":"string","description_kind":"plain","optional":true},"names":{"type":["list","string"],"description_kind":"plain","computed":true},"output_file":{"type":"string","description_kind":"plain","optional":true},"remark":{"type":"string","description_kind":"plain","optional":true,"computed":true},"topic":{"type":"string","description_kind":"plain","optional":true,"computed":true},"topics":{"type":["list",["object",{"create_time":"number","id":"number","independent_naming":"bool","instance_id":"string","message_type":"number","owner":"string","relation":"number","relation_name":"string","remark":"string","topic":"string"}]],"description_kind":"plain","computed":true}},"description_kind":"plain"}},"apsarastack_oss_bucket_objects":{"version":0,"block":{"attributes":{"bucket_name":{"type":"string","description_kind":"plain","required":true},"id":{"type":"string","description_kind":"plain","optional":true,"computed":true},"key_prefix":{"type":"string","description_kind":"plain","optional":true},"key_regex":{"type":"string","description_kind":"plain","optional":true},"objects":{"type":["list",["object",{"acl":"string","cache_control":"string","content_disposition":"string","content_encoding":"string","content_md5":"string","content_type":"string","expires":"string","key":"string","last_modification_time":"string","server_side_encryption":"string","sse_kms_key_id":"string","storage_class":"string"}]],"description_kind":"plain","computed":true},"output_file":{"type":"string","description_kind":"plain","optional":true}},"description_kind":"plain"}},"apsarastack_oss_buckets":{"version":0,"block":{"attributes":{"buckets":{"type":["list",["object",{"acl":"string","cors_rules":["list",["object",{"allowed_headers":["list","string"],"allowed_methods":["list","string"],"allowed_origins":["list","string"],"expose_headers":["list","string"],"max_age_seconds":"number"}]],"creation_date":"string","extranet_endpoint":"string","intranet_endpoint":"string","lifecycle_rule":["list",["object",{"enabled":"bool","expiration":["list",["object",{"date":"string","days":"number"}]],"id":"string","prefix":"string"}]],"location":"string","logging":["list",["object",{"target_bucket":"string","target_prefix":"string"}]],"name":"string","owner":"string","policy":"string","referer_config":["list",["object",{"allow_empty":"bool","referers":["list","string"]}]],"server_side_encryption_rule":["list",["object",{"sse_algorithm":"string"}]],"storage_class":"string","tags":["map","string"],"versioning":["list",["object",{"status":"string"}]],"website":["list",["object",{"error_document":"string","index_document":"string"}]]}]],"description_kind":"plain","computed":true},"id":{"type":"string","description_kind":"plain","optional":true,"computed":true},"name_regex":{"type":"string","description_kind":"plain","optional":true},"names":{"type":["list","string"],"description_kind":"plain","computed":true},"output_file":{"type":"string","description_kind":"plain","optional":true}},"description_kind":"plain"}},"apsarastack_ram_service_role_products":{"version":0,"block":{"attributes":{"id":{"type":"string","description_kind":"plain","optional":true,"computed":true},"name_regex":{"type":"string","description_kind":"plain","optional":true},"products":{"type":["list",["object",{"ascii_name":"string","chinese_name":"string","key":"string"}]],"description_kind":"plain","computed":true}},"description_kind":"plain"}},"apsarastack_route_entries":{"version":0,"block":{"attributes":{"cidr_block":{"type":"string","description_kind":"plain","optional":true},"entries":{"type":["list",["object",{"cidr_block":"string","instance_id":"string","next_hop_type":"string","route_table_id":"string","status":"string","type":"string"}]],"description_kind":"plain","computed":true},"id":{"type":"string","description_kind":"plain","optional":true,"computed":true},"instance_id":{"type":"string","description_kind":"plain","optional":true},"output_file":{"type":"string","description_kind":"plain","optional":true},"route_table_id":{"type":"string","description_kind":"plain","required":true},"type":{"type":"string","description_kind":"plain","optional":true}},"description_kind":"plain"}},"apsarastack_route_tables":{"version":0,"block":{"attributes":{"id":{"type":"string","description_kind":"plain","optional":true,"computed":true},"ids":{"type":["list","string"],"description_kind":"plain","optional":true,"computed":true},"name_regex":{"type":"string","description_kind":"plain","optional":true},"names":{"type":["list","string"],"description_kind":"plain","computed":true},"output_file":{"type":"string","description_kind":"plain","optional":true},"tables":{"type":["list",["object",{"creation_time":"string","description":"string","id":"string","name":"string","route_table_type":"string","router_id":"string"}]],"description_kind":"plain","computed":true},"tags":{"type":["map","string"],"description_kind":"plain","optional":true},"vpc_id":{"type":"string","description_kind":"plain","optional":true}},"description_kind":"plain"}},"apsarastack_router_interfaces":{"version":0,"block":{"attributes":{"id":{"type":"string","description_kind":"plain","optional":true,"computed":true},"ids":{"type":["list","string"],"description_kind":"plain","optional":true,"computed":true},"interfaces":{"type":["list",["object",{"access_point_id":"string","creation_time":"string","description":"string","health_check_source_ip":"string","health_check_target_ip":"string","id":"string","name":"string","opposite_interface_id":"string","opposite_interface_owner_id":"string","opposite_region_id":"string","opposite_router_id":"string","opposite_router_type":"string","role":"string","router_id":"string","router_type":"string","specification":"string","status":"string","vpc_id":"string"}]],"description_kind":"plain","computed":true},"name_regex":{"type":"string","description_kind":"plain","optional":true},"names":{"type":["list","string"],"description_kind":"plain","computed":true},"opposite_interface_id":{"type":"string","description_kind":"plain","optional":true},"opposite_interface_owner_id":{"type":"string","description_kind":"plain","optional":true},"output_file":{"type":"string","description_kind":"plain","optional":true},"role":{"type":"string","description_kind":"plain","optional":true},"router_id":{"type":"string","description_kind":"plain","optional":true},"router_type":{"type":"string","description_kind":"plain","optional":true},"specification":{"type":"string","description_kind":"plain","optional":true},"status":{"type":"string","description_kind":"plain","optional":true}},"description_kind":"plain"}},"apsarastack_security_group_rules":{"version":0,"block":{"attributes":{"direction":{"type":"string","description_kind":"plain","optional":true},"group_desc":{"type":"string","description_kind":"plain","computed":true},"group_id":{"type":"string","description_kind":"plain","required":true},"group_name":{"type":"string","description_kind":"plain","computed":true},"id":{"type":"string","description_kind":"plain","optional":true,"computed":true},"ip_protocol":{"type":"string","description_kind":"plain","optional":true},"nic_type":{"type":"string","description_kind":"plain","optional":true},"output_file":{"type":"string","description_kind":"plain","optional":true},"policy":{"type":"string","description_kind":"plain","optional":true},"rules":{"type":["list",["object",{"dest_cidr_ip":"string","dest_group_id":"string","dest_group_owner_account":"string","direction":"string","ip_protocol":"string","nic_type":"string","policy":"string","port_range":"string","priority":"number","source_cidr_ip":"string","source_group_id":"string","source_group_owner_account":"string"}]],"description_kind":"plain","computed":true}},"description_kind":"plain"}},"apsarastack_security_groups":{"version":0,"block":{"attributes":{"groups":{"type":["list",["object",{"creation_time":"string","description":"string","id":"string","name":"string","tags":["map","string"],"vpc_id":"string"}]],"description_kind":"plain","computed":true},"id":{"type":"string","description_kind":"plain","optional":true,"computed":true},"ids":{"type":["list","string"],"description_kind":"plain","optional":true,"computed":true},"name_regex":{"type":"string","description_kind":"plain","optional":true},"names":{"type":["list","string"],"description_kind":"plain","computed":true},"output_file":{"type":"string","description_kind":"plain","optional":true},"tags":{"type":["map","string"],"description_kind":"plain","optional":true},"vpc_id":{"type":"string","description_kind":"plain","optional":true}},"description_kind":"plain"}},"apsarastack_slb_acls":{"version":0,"block":{"attributes":{"acls":{"type":["list",["object",{"entry_list":["list",["object",{"comment":"string","entry":"string"}]],"id":"string","ip_version":"string","name":"string","related_listeners":["list",["object",{"acl_type":"string","frontend_port":"number","load_balancer_id":"string","protocol":"string"}]],"tags":["map","string"]}]],"description_kind":"plain","computed":true},"id":{"type":"string","description_kind":"plain","optional":true,"computed":true},"ids":{"type":["list","string"],"description_kind":"plain","optional":true,"computed":true},"name_regex":{"type":"string","description_kind":"plain","optional":true},"names":{"type":["list","string"],"description_kind":"plain","computed":true},"output_file":{"type":"string","description_kind":"plain","optional":true},"tags":{"type":["map","string"],"description_kind":"plain","optional":true}},"description_kind":"plain"}},"apsarastack_slb_backend_servers":{"version":0,"block":{"attributes":{"backend_servers":{"type":["list",["object",{"id":"string","weight":"number"}]],"description_kind":"plain","computed":true},"id":{"type":"string","description_kind":"plain","optional":true,"computed":true},"ids":{"type":["list","string"],"description_kind":"plain","optional":true,"computed":true},"load_balancer_id":{"type":"string","description_kind":"plain","required":true},"output_file":{"type":"string","description_kind":"plain","optional":true}},"description_kind":"plain"}},"apsarastack_slb_ca_certificates":{"version":0,"block":{"attributes":{"certificates":{"type":["list",["object",{"created_timestamp":"number","fingerprint":"string","id":"string","name":"string","region_id":"string"}]],"description_kind":"plain","computed":true},"id":{"type":"string","description_kind":"plain","optional":true,"computed":true},"ids":{"type":["list","string"],"description_kind":"plain","optional":true,"computed":true},"name_regex":{"type":"string","description_kind":"plain","optional":true},"names":{"type":["list","string"],"description_kind":"plain","computed":true},"output_file":{"type":"string","description_kind":"plain","optional":true}},"description_kind":"plain"}},"apsarastack_slb_domain_extensions":{"version":0,"block":{"attributes":{"extensions":{"type":["list",["object",{"domain":"string","id":"string","server_certificate_id":"string"}]],"description_kind":"plain","computed":true},"frontend_port":{"type":"number","description_kind":"plain","required":true},"id":{"type":"string","description_kind":"plain","optional":true,"computed":true},"ids":{"type":["list","string"],"description_kind":"plain","optional":true,"computed":true},"load_balancer_id":{"type":"string","description_kind":"plain","required":true},"output_file":{"type":"string","description_kind":"plain","optional":true}},"description_kind":"plain"}},"apsarastack_slb_listeners":{"version":0,"block":{"attributes":{"description_regex":{"type":"string","description_kind":"plain","optional":true},"frontend_port":{"type":"number","description_kind":"plain","optional":true},"id":{"type":"string","description_kind":"plain","optional":true,"computed":true},"load_balancer_id":{"type":"string","description_kind":"plain","required":true},"output_file":{"type":"string","description_kind":"plain","optional":true},"protocol":{"type":"string","description_kind":"plain","optional":true},"slb_listeners":{"type":["list",["object",{"backend_port":"number","bandwidth":"number","cookie":"string","cookie_timeout":"number","description":"string","established_timeout":"number","frontend_port":"number","gzip":"string","health_check":"string","health_check_connect_port":"number","health_check_connect_timeout":"number","health_check_domain":"string","health_check_http_code":"string","health_check_interval":"number","health_check_timeout":"number","health_check_type":"string","health_check_uri":"string","healthy_threshold":"number","master_slave_server_group_id":"string","persistence_timeout":"number","protocol":"string","scheduler":"string","security_status":"string","server_certificate_id":"string","server_group_id":"string","status":"string","sticky_session":"string","sticky_session_type":"string","unhealthy_threshold":"number","x_forwarded_for":"string","x_forwarded_for_slb_id":"string","x_forwarded_for_slb_ip":"string","x_forwarded_for_slb_proto":"string"}]],"description_kind":"plain","computed":true}},"description_kind":"plain"}},"apsarastack_slb_master_slave_server_groups":{"version":0,"block":{"attributes":{"groups":{"type":["list",["object",{"id":"string","name":"string","servers":["list",["object",{"instance_id":"string","port":"number","server_type":"string","weight":"number"}]]}]],"description_kind":"plain","computed":true},"id":{"type":"string","description_kind":"plain","optional":true,"computed":true},"ids":{"type":["list","string"],"description_kind":"plain","optional":true,"computed":true},"load_balancer_id":{"type":"string","description_kind":"plain","required":true},"name_regex":{"type":"string","description_kind":"plain","optional":true},"names":{"type":["list","string"],"description_kind":"plain","computed":true},"output_file":{"type":"string","description_kind":"plain","optional":true}},"description_kind":"plain"}},"apsarastack_slb_rules":{"version":0,"block":{"attributes":{"frontend_port":{"type":"number","description_kind":"plain","required":true},"id":{"type":"string","description_kind":"plain","optional":true,"computed":true},"ids":{"type":["list","string"],"description_kind":"plain","optional":true,"computed":true},"load_balancer_id":{"type":"string","description_kind":"plain","required":true},"name_regex":{"type":"string","description_kind":"plain","optional":true},"names":{"type":["list","string"],"description_kind":"plain","computed":true},"output_file":{"type":"string","description_kind":"plain","optional":true},"slb_rules":{"type":["list",["object",{"domain":"string","id":"string","name":"string","server_group_id":"string","url":"string"}]],"description_kind":"plain","computed":true}},"description_kind":"plain"}},"apsarastack_slb_server_certificates":{"version":0,"block":{"attributes":{"certificates":{"type":["list",["object",{"created_time":"string","created_timestamp":"number","fingerprint":"string","id":"string","name":"string"}]],"description_kind":"plain","computed":true},"id":{"type":"string","description_kind":"plain","optional":true,"computed":true},"ids":{"type":["list","string"],"description_kind":"plain","optional":true,"computed":true},"name_regex":{"type":"string","description_kind":"plain","optional":true},"names":{"type":["list","string"],"description_kind":"plain","computed":true},"output_file":{"type":"string","description_kind":"plain","optional":true}},"description_kind":"plain"}},"apsarastack_slb_server_groups":{"version":0,"block":{"attributes":{"id":{"type":"string","description_kind":"plain","optional":true,"computed":true},"ids":{"type":["list","string"],"description_kind":"plain","optional":true,"computed":true},"load_balancer_id":{"type":"string","description_kind":"plain","required":true},"name_regex":{"type":"string","description_kind":"plain","optional":true},"names":{"type":["list","string"],"description_kind":"plain","computed":true},"output_file":{"type":"string","description_kind":"plain","optional":true},"slb_server_groups":{"type":["list",["object",{"id":"string","name":"string","servers":["list",["object",{"instance_id":"string","port":"number","weight":"number"}]]}]],"description_kind":"plain","computed":true}},"description_kind":"plain"}},"apsarastack_slb_zones":{"version":0,"block":{"attributes":{"enable_details":{"type":"bool","description_kind":"plain","optional":true},"id":{"type":"string","description_kind":"plain","optional":true,"computed":true},"ids":{"type":["list","string"],"description_kind":"plain","computed":true},"output_file":{"type":"string","description_kind":"plain","optional":true},"zones":{"type":["list",["object",{"id":"string","local_name":["list","string"],"slb_slave_zone_ids":["list","string"]}]],"description_kind":"plain","computed":true}},"description_kind":"plain"}},"apsarastack_slbs":{"version":0,"block":{"attributes":{"address":{"type":"string","description_kind":"plain","optional":true},"id":{"type":"string","description_kind":"plain","optional":true,"computed":true},"ids":{"type":["list","string"],"description_kind":"plain","optional":true,"computed":true},"master_availability_zone":{"type":"string","description_kind":"plain","optional":true},"name_regex":{"type":"string","description_kind":"plain","optional":true},"names":{"type":["list","string"],"description_kind":"plain","computed":true},"network_type":{"type":"string","description_kind":"plain","optional":true},"output_file":{"type":"string","description_kind":"plain","optional":true},"slave_availability_zone":{"type":"string","description_kind":"plain","optional":true},"slbs":{"type":["list",["object",{"address":"string","creation_time":"string","id":"string","master_availability_zone":"string","name":"string","network_type":"string","region_id":"string","slave_availability_zone":"string","tags":["map","string"],"vpc_id":"string","vswitch_id":"string"}]],"description_kind":"plain","computed":true},"tags":{"type":["map","string"],"description_kind":"plain","optional":true},"vpc_id":{"type":"string","description_kind":"plain","optional":true},"vswitch_id":{"type":"string","description_kind":"plain","optional":true}},"description_kind":"plain"}},"apsarastack_snapshots":{"version":0,"block":{"attributes":{"disk_id":{"type":"string","description_kind":"plain","optional":true},"id":{"type":"string","description_kind":"plain","optional":true,"computed":true},"ids":{"type":["set","string"],"description_kind":"plain","optional":true,"computed":true},"instance_id":{"type":"string","description_kind":"plain","optional":true},"name_regex":{"type":"string","description_kind":"plain","optional":true},"names":{"type":["list","string"],"description_kind":"plain","computed":true},"output_file":{"type":"string","description_kind":"plain","optional":true},"snapshots":{"type":["list",["object",{"creation_time":"string","description":"string","id":"string","name":"string","product_code":"string","progress":"string","remain_time":"number","source_disk_id":"string","source_disk_size":"string","source_disk_type":"string","status":"string","usage":"string"}]],"description_kind":"plain","computed":true},"source_disk_type":{"type":"string","description_kind":"plain","optional":true},"status":{"type":"string","description_kind":"plain","optional":true},"tags":{"type":["map","string"],"description_kind":"plain","optional":true},"type":{"type":"string","description_kind":"plain","optional":true},"usage":{"type":"string","description_kind":"plain","optional":true}},"description_kind":"plain"}},"apsarastack_snat_entries":{"version":0,"block":{"attributes":{"entries":{"type":["list",["object",{"id":"string","snat_ip":"string","source_cidr":"string","status":"string"}]],"description_kind":"plain","computed":true},"id":{"type":"string","description_kind":"plain","optional":true,"computed":true},"ids":{"type":["list","string"],"description_kind":"plain","optional":true,"computed":true},"output_file":{"type":"string","description_kind":"plain","optional":true},"snat_ip":{"type":"string","description_kind":"plain","optional":true},"snat_table_id":{"type":"string","description_kind":"plain","required":true},"source_cidr":{"type":"string","description_kind":"plain","optional":true}},"description_kind":"plain"}},"apsarastack_vpcs":{"version":0,"block":{"attributes":{"cidr_block":{"type":"string","description_kind":"plain","optional":true},"id":{"type":"string","description_kind":"plain","optional":true,"computed":true},"ids":{"type":["list","string"],"description_kind":"plain","optional":true,"computed":true},"is_default":{"type":"bool","description_kind":"plain","optional":true},"name_regex":{"type":"string","description_kind":"plain","optional":true},"names":{"type":["list","string"],"description_kind":"plain","computed":true},"output_file":{"type":"string","description_kind":"plain","optional":true},"status":{"type":"string","description_kind":"plain","optional":true},"vpcs":{"type":["list",["object",{"cidr_block":"string","creation_time":"string","description":"string","id":"string","is_default":"bool","region_id":"string","route_table_id":"string","status":"string","vpc_name":"string","vrouter_id":"string","vswitch_ids":["list","string"]}]],"description_kind":"plain","computed":true},"vswitch_id":{"type":"string","description_kind":"plain","optional":true}},"description_kind":"plain"}},"apsarastack_vswitches":{"version":0,"block":{"attributes":{"cidr_block":{"type":"string","description_kind":"plain","optional":true},"id":{"type":"string","description_kind":"plain","optional":true,"computed":true},"ids":{"type":["list","string"],"description_kind":"plain","optional":true,"computed":true},"is_default":{"type":"bool","description_kind":"plain","optional":true},"name_regex":{"type":"string","description_kind":"plain","optional":true},"names":{"type":["list","string"],"description_kind":"plain","computed":true},"output_file":{"type":"string","description_kind":"plain","optional":true},"vpc_id":{"type":"string","description_kind":"plain","optional":true},"vswitches":{"type":["list",["object",{"cidr_block":"string","creation_time":"string","description":"string","id":"string","instance_ids":["list","string"],"is_default":"bool","name":"string","vpc_id":"string","zone_id":"string"}]],"description_kind":"plain","computed":true},"zone_id":{"type":"string","description_kind":"plain","optional":true}},"description_kind":"plain"}},"apsarastack_zones":{"version":0,"block":{"attributes":{"available_disk_category":{"type":"string","description_kind":"plain","optional":true},"available_instance_type":{"type":"string","description_kind":"plain","optional":true},"available_resource_creation":{"type":"string","description_kind":"plain","optional":true},"available_slb_address_ip_version":{"type":"string","description_kind":"plain","optional":true},"available_slb_address_type":{"type":"string","description_kind":"plain","optional":true},"enable_details":{"type":"bool","description_kind":"plain","optional":true},"id":{"type":"string","description_kind":"plain","optional":true,"computed":true},"ids":{"type":["list","string"],"description_kind":"plain","computed":true},"instance_charge_type":{"type":"string","description_kind":"plain","optional":true},"multi":{"type":"bool","description_kind":"plain","optional":true},"network_type":{"type":"string","description_kind":"plain","optional":true},"output_file":{"type":"string","description_kind":"plain","optional":true},"spot_strategy":{"type":"string","description_kind":"plain","optional":true},"zones":{"type":["list",["object",{"available_disk_categories":["list","string"],"available_instance_types":["list","string"],"available_resource_creation":["list","string"],"id":"string","local_name":"string","multi_zone_ids":["list","string"],"slb_slave_zone_ids":["list","string"]}]],"description_kind":"plain","computed":true}},"description_kind":"plain"}}}}}}
