{"format_version":"0.2","provider_schemas":{"registry.terraform.io/aptible/aptible":{"provider":{"version":0,"block":{"description_kind":"plain"}},"resource_schemas":{"aptible_app":{"version":0,"block":{"attributes":{"app_id":{"type":"number","description_kind":"plain","computed":true},"config":{"type":["map","string"],"description_kind":"plain","optional":true},"env_id":{"type":"number","description_kind":"plain","required":true},"git_repo":{"type":"string","description_kind":"plain","computed":true},"handle":{"type":"string","description_kind":"plain","required":true},"id":{"type":"string","description_kind":"plain","optional":true,"computed":true}},"block_types":{"service":{"nesting_mode":"set","block":{"attributes":{"container_count":{"type":"number","description_kind":"plain","optional":true},"container_memory_limit":{"type":"number","description_kind":"plain","optional":true},"process_type":{"type":"string","description_kind":"plain","optional":true}},"description_kind":"plain"}}},"description_kind":"plain"}},"aptible_database":{"version":0,"block":{"attributes":{"connection_urls":{"type":["list","string"],"description_kind":"plain","computed":true,"sensitive":true},"container_size":{"type":"number","description_kind":"plain","optional":true},"database_id":{"type":"number","description_kind":"plain","computed":true},"database_image_id":{"type":"number","description_kind":"plain","computed":true},"database_type":{"type":"string","description_kind":"plain","optional":true},"default_connection_url":{"type":"string","description_kind":"plain","computed":true,"sensitive":true},"disk_size":{"type":"number","description_kind":"plain","optional":true},"env_id":{"type":"number","description_kind":"plain","required":true},"handle":{"type":"string","description_kind":"plain","required":true},"id":{"type":"string","description_kind":"plain","optional":true,"computed":true},"version":{"type":"string","description_kind":"plain","optional":true}},"description_kind":"plain"}},"aptible_endpoint":{"version":0,"block":{"attributes":{"container_port":{"type":"number","description_kind":"plain","optional":true},"default_domain":{"type":"bool","description_kind":"plain","optional":true},"dns_validation_record":{"type":"string","description_kind":"plain","computed":true},"dns_validation_value":{"type":"string","description_kind":"plain","computed":true},"domain":{"type":"string","description_kind":"plain","optional":true},"endpoint_id":{"type":"number","description_kind":"plain","computed":true},"endpoint_type":{"type":"string","description_kind":"plain","optional":true},"env_id":{"type":"number","description_kind":"plain","required":true},"external_hostname":{"type":"string","description_kind":"plain","computed":true},"id":{"type":"string","description_kind":"plain","optional":true,"computed":true},"internal":{"type":"bool","description_kind":"plain","optional":true},"ip_filtering":{"type":["list","string"],"description_kind":"plain","optional":true},"managed":{"type":"bool","description_kind":"plain","optional":true},"platform":{"type":"string","description_kind":"plain","optional":true},"process_type":{"type":"string","description_kind":"plain","optional":true},"resource_id":{"type":"number","description_kind":"plain","required":true},"resource_type":{"type":"string","description_kind":"plain","required":true},"virtual_domain":{"type":"string","description_kind":"plain","computed":true}},"description_kind":"plain"}},"aptible_replica":{"version":0,"block":{"attributes":{"container_size":{"type":"number","description_kind":"plain","optional":true},"default_connection_url":{"type":"string","description_kind":"plain","computed":true},"disk_size":{"type":"number","description_kind":"plain","optional":true},"env_id":{"type":"number","description_kind":"plain","required":true},"handle":{"type":"string","description_kind":"plain","required":true},"id":{"type":"string","description_kind":"plain","optional":true,"computed":true},"primary_database_id":{"type":"number","description_kind":"plain","required":true},"replica_id":{"type":"number","description_kind":"plain","computed":true}},"description_kind":"plain"}}},"data_source_schemas":{"aptible_environment":{"version":0,"block":{"attributes":{"env_id":{"type":"number","description_kind":"plain","computed":true},"handle":{"type":"string","description_kind":"plain","required":true},"id":{"type":"string","description_kind":"plain","optional":true,"computed":true}},"description_kind":"plain"}}}}}}
