{"format_version":"0.2","provider_schemas":{"registry.terraform.io/architect-team/http":{"provider":{"version":0,"block":{"description_kind":"plain"}},"resource_schemas":{"http_resource":{"version":1,"block":{"attributes":{"body":{"type":"string","description_kind":"plain","optional":true,"sensitive":true},"id":{"type":"string","description_kind":"plain","optional":true,"computed":true},"request_headers":{"type":["map","string"],"description_kind":"plain","optional":true,"sensitive":true},"url":{"type":"string","description_kind":"plain","required":true,"sensitive":true}},"description_kind":"plain"}}},"data_source_schemas":{"http":{"version":0,"block":{"attributes":{"body":{"type":"string","description_kind":"plain","computed":true},"id":{"type":"string","description_kind":"plain","optional":true,"computed":true},"request_headers":{"type":["map","string"],"description_kind":"plain","optional":true},"response_headers":{"type":["map","string"],"description_kind":"plain","computed":true},"url":{"type":"string","description_kind":"plain","required":true}},"description_kind":"plain"}}}}}}
