{"format_version":"0.2","provider_schemas":{"registry.terraform.io/arkiaconsulting/akc":{"provider":{"version":0,"block":{"attributes":{"client_id":{"type":"string","description":"Azure AD Client Id","description_kind":"plain","optional":true},"client_secret":{"type":"string","description":"Azure AD Client Secret","description_kind":"plain","optional":true,"sensitive":true},"msi":{"type":"bool","description":"Use msi if available, will fail if not in a MSI context","description_kind":"plain","optional":true},"tenant_id":{"type":"string","description":"Azure AD Tenant ID","description_kind":"plain","optional":true,"sensitive":true}},"description_kind":"plain"}},"resource_schemas":{"akc_feature":{"version":0,"block":{"attributes":{"description":{"type":"string","description_kind":"plain","optional":true},"enabled":{"type":"bool","description_kind":"plain","optional":true},"endpoint":{"type":"string","description_kind":"plain","required":true},"id":{"type":"string","description_kind":"plain","optional":true,"computed":true},"label":{"type":"string","description_kind":"plain","optional":true},"name":{"type":"string","description_kind":"plain","required":true}},"block_types":{"timeouts":{"nesting_mode":"single","block":{"attributes":{"read":{"type":"string","description_kind":"plain","optional":true}},"description_kind":"plain"}}},"description_kind":"plain"}},"akc_key_secret":{"version":0,"block":{"attributes":{"endpoint":{"type":"string","description_kind":"plain","required":true},"id":{"type":"string","description_kind":"plain","optional":true,"computed":true},"key":{"type":"string","description_kind":"plain","required":true},"label":{"type":"string","description_kind":"plain","optional":true},"latest_version":{"type":"bool","description_kind":"plain","optional":true},"secret_id":{"type":"string","description_kind":"plain","required":true},"value":{"type":"string","description_kind":"plain","computed":true}},"block_types":{"timeouts":{"nesting_mode":"single","block":{"attributes":{"read":{"type":"string","description_kind":"plain","optional":true}},"description_kind":"plain"}}},"description_kind":"plain"}},"akc_key_value":{"version":0,"block":{"attributes":{"endpoint":{"type":"string","description_kind":"plain","required":true},"id":{"type":"string","description_kind":"plain","optional":true,"computed":true},"key":{"type":"string","description_kind":"plain","required":true},"label":{"type":"string","description_kind":"plain","optional":true},"value":{"type":"string","description_kind":"plain","required":true}},"block_types":{"timeouts":{"nesting_mode":"single","block":{"attributes":{"read":{"type":"string","description_kind":"plain","optional":true}},"description_kind":"plain"}}},"description_kind":"plain"}}},"data_source_schemas":{"akc_feature":{"version":0,"block":{"attributes":{"description":{"type":"string","description_kind":"plain","computed":true},"enabled":{"type":"bool","description_kind":"plain","computed":true},"endpoint":{"type":"string","description_kind":"plain","required":true},"id":{"type":"string","description_kind":"plain","optional":true,"computed":true},"label":{"type":"string","description_kind":"plain","optional":true},"name":{"type":"string","description_kind":"plain","required":true}},"block_types":{"timeouts":{"nesting_mode":"single","block":{"attributes":{"read":{"type":"string","description_kind":"plain","optional":true}},"description_kind":"plain"}}},"description_kind":"plain"}},"akc_key_secret":{"version":0,"block":{"attributes":{"endpoint":{"type":"string","description_kind":"plain","required":true},"id":{"type":"string","description_kind":"plain","optional":true,"computed":true},"key":{"type":"string","description_kind":"plain","required":true},"label":{"type":"string","description_kind":"plain","optional":true},"secret_id":{"type":"string","description_kind":"plain","computed":true}},"block_types":{"timeouts":{"nesting_mode":"single","block":{"attributes":{"read":{"type":"string","description_kind":"plain","optional":true}},"description_kind":"plain"}}},"description_kind":"plain"}},"akc_key_value":{"version":0,"block":{"attributes":{"endpoint":{"type":"string","description_kind":"plain","required":true},"id":{"type":"string","description_kind":"plain","optional":true,"computed":true},"key":{"type":"string","description_kind":"plain","required":true},"label":{"type":"string","description_kind":"plain","optional":true},"value":{"type":"string","description_kind":"plain","computed":true}},"block_types":{"timeouts":{"nesting_mode":"single","block":{"attributes":{"read":{"type":"string","description_kind":"plain","optional":true}},"description_kind":"plain"}}},"description_kind":"plain"}}}}}}
