{"format_version":"0.2","provider_schemas":{"registry.terraform.io/arkiaconsulting/confluent-schema-registry":{"provider":{"version":0,"block":{"attributes":{"password":{"type":"string","description_kind":"plain","optional":true},"schema_registry_url":{"type":"string","description_kind":"plain","optional":true},"username":{"type":"string","description_kind":"plain","optional":true}},"description_kind":"plain"}},"resource_schemas":{"schemaregistry_schema":{"version":0,"block":{"attributes":{"id":{"type":"string","description_kind":"plain","optional":true,"computed":true},"schema":{"type":"string","description":"The schema string","description_kind":"plain","required":true},"schema_id":{"type":"number","description":"The ID of the schema","description_kind":"plain","computed":true},"subject":{"type":"string","description":"The subject related to the schema","description_kind":"plain","required":true},"version":{"type":"number","description":"The schema string","description_kind":"plain","computed":true}},"block_types":{"reference":{"nesting_mode":"list","block":{"attributes":{"name":{"type":"string","description":"The referenced schema name","description_kind":"plain","required":true},"subject":{"type":"string","description":"The referenced schema subject","description_kind":"plain","required":true},"version":{"type":"number","description":"The referenced schema version","description_kind":"plain","required":true}},"description":"The referenced schema list","description_kind":"plain"}}},"description_kind":"plain"}}},"data_source_schemas":{"schemaregistry_schema":{"version":0,"block":{"attributes":{"id":{"type":"string","description_kind":"plain","optional":true,"computed":true},"references":{"type":["list",["object",{"name":"string","subject":"string","version":"number"}]],"description":"The referenced schema names list","description_kind":"plain","computed":true},"schema":{"type":"string","description":"The schema string","description_kind":"plain","computed":true},"schema_id":{"type":"number","description":"The schema ID","description_kind":"plain","computed":true},"subject":{"type":"string","description":"The subject related to the schema","description_kind":"plain","required":true},"version":{"type":"number","description":"The version of the schema","description_kind":"plain","optional":true}},"description_kind":"plain"}}}}}}
