{"format_version":"0.2","provider_schemas":{"registry.terraform.io/arnvid/appstream":{"provider":{"version":0,"block":{"attributes":{"access_key":{"type":"string","description":"Access key id","description_kind":"plain","optional":true},"profile":{"type":"string","description":"The profile for API operations. If not set, the default profile\ncreated with `aws configure` will be used.","description_kind":"plain","optional":true},"region":{"type":"string","description":"Region","description_kind":"plain","required":true},"secret_key":{"type":"string","description":"Secret key id","description_kind":"plain","optional":true},"shared_credentials_file":{"type":"string","description":"The path to the shared credentials file. If not set\nthis defaults to ~/.aws/credentials.","description_kind":"plain","optional":true},"token":{"type":"string","description":"Security token","description_kind":"plain","optional":true}},"block_types":{"assume_role":{"nesting_mode":"set","block":{"attributes":{"duration_seconds":{"type":"number","description":"The duration, in seconds, of the role session. The value specified can can range from 900 seconds (15 minutes) up to the maximum session duration that is set for the role. The maximum session duration setting can have a value from 1 hour to 12 hours. If you specify a value higher than this setting, the operation fails. For example, if you specify a session duration of 12 hours, but your administrator set the maximum  session duration to 6 hours, your operation fails.","description_kind":"plain","optional":true},"external_id":{"type":"string","description":"The external ID to use when assuming the role. If omitted, no external ID is passed to the AssumeRole call.","description_kind":"plain","optional":true},"policy":{"type":"string","description":"The permissions applied when assuming a role. You cannot use, this policy to grant further permissions that are in excess to those of the,  role that is being assumed.","description_kind":"plain","optional":true},"role_arn":{"type":"string","description":"The ARN of an IAM role to assume prior to making API calls.","description_kind":"plain","optional":true},"session_name":{"type":"string","description":"The session name to use when assuming the role. If omitted, no session name is passed to the AssumeRole call.","description_kind":"plain","optional":true}},"description_kind":"plain"},"max_items":1}},"description_kind":"plain"}},"resource_schemas":{"appstream_fleet":{"version":0,"block":{"attributes":{"description":{"type":"string","description_kind":"plain","optional":true},"disconnect_timeout":{"type":"number","description_kind":"plain","optional":true},"display_name":{"type":"string","description_kind":"plain","optional":true},"enable_default_internet_access":{"type":"bool","description_kind":"plain","optional":true},"fleet_type":{"type":"string","description_kind":"plain","optional":true},"iam_role_arn":{"type":"string","description_kind":"plain","optional":true},"id":{"type":"string","description_kind":"plain","optional":true,"computed":true},"image_arn":{"type":"string","description_kind":"plain","optional":true,"computed":true},"image_name":{"type":"string","description_kind":"plain","optional":true,"computed":true},"instance_type":{"type":"string","description_kind":"plain","required":true},"max_user_duration":{"type":"number","description_kind":"plain","optional":true},"name":{"type":"string","description_kind":"plain","required":true},"stack_name":{"type":"string","description_kind":"plain","optional":true},"state":{"type":"string","description_kind":"plain","optional":true},"stream_view":{"type":"string","description_kind":"plain","optional":true},"tags":{"type":["map","string"],"description_kind":"plain","optional":true}},"block_types":{"compute_capacity":{"nesting_mode":"list","block":{"attributes":{"desired_instances":{"type":"number","description_kind":"plain","required":true}},"description_kind":"plain"},"min_items":1},"domain_info":{"nesting_mode":"list","block":{"attributes":{"directory_name":{"type":"string","description_kind":"plain","optional":true},"organizational_unit_distinguished_name":{"type":"string","description_kind":"plain","optional":true}},"description_kind":"plain"}},"vpc_config":{"nesting_mode":"list","block":{"attributes":{"security_group_ids":{"type":["set","string"],"description_kind":"plain","optional":true},"subnet_ids":{"type":["set","string"],"description_kind":"plain","optional":true}},"description_kind":"plain"}}},"description_kind":"plain"}},"appstream_image_builder":{"version":0,"block":{"attributes":{"appstream_agent_version":{"type":"string","description_kind":"plain","optional":true},"description":{"type":"string","description_kind":"plain","optional":true},"display_name":{"type":"string","description_kind":"plain","optional":true},"enable_default_internet_access":{"type":"bool","description_kind":"plain","optional":true},"id":{"type":"string","description_kind":"plain","optional":true,"computed":true},"image_arn":{"type":"string","description_kind":"plain","optional":true},"image_name":{"type":"string","description_kind":"plain","optional":true},"instance_type":{"type":"string","description_kind":"plain","required":true},"name":{"type":"string","description_kind":"plain","required":true},"state":{"type":"string","description_kind":"plain","optional":true}},"block_types":{"access_endpoints":{"nesting_mode":"set","block":{"attributes":{"endpoint_type":{"type":"string","description_kind":"plain","required":true},"vpce_id":{"type":"string","description_kind":"plain","required":true}},"description_kind":"plain"}},"domain_info":{"nesting_mode":"list","block":{"attributes":{"directory_name":{"type":"string","description_kind":"plain","optional":true},"organizational_unit_distinguished_name":{"type":"string","description_kind":"plain","optional":true}},"description_kind":"plain"}},"vpc_config":{"nesting_mode":"list","block":{"attributes":{"security_group_ids":{"type":"string","description_kind":"plain","optional":true},"subnet_ids":{"type":"string","description_kind":"plain","optional":true}},"description_kind":"plain"}}},"description_kind":"plain"}},"appstream_stack":{"version":0,"block":{"attributes":{"description":{"type":"string","description_kind":"plain","optional":true},"display_name":{"type":"string","description_kind":"plain","optional":true},"embed_host_domains":{"type":["set","string"],"description_kind":"plain","optional":true},"feedback_url":{"type":"string","description_kind":"plain","optional":true},"id":{"type":"string","description_kind":"plain","optional":true,"computed":true},"name":{"type":"string","description_kind":"plain","required":true},"redirect_url":{"type":"string","description_kind":"plain","optional":true},"tags":{"type":["map","string"],"description_kind":"plain","optional":true}},"block_types":{"access_endpoints":{"nesting_mode":"set","block":{"attributes":{"endpoint_type":{"type":"string","description_kind":"plain","required":true},"vpce_id":{"type":"string","description_kind":"plain","required":true}},"description_kind":"plain"}},"application_settings":{"nesting_mode":"list","block":{"attributes":{"enabled":{"type":"bool","description_kind":"plain","required":true},"settings_group":{"type":"string","description_kind":"plain","required":true}},"description_kind":"plain"}},"storage_connectors":{"nesting_mode":"set","block":{"attributes":{"connector_type":{"type":"string","description_kind":"plain","required":true},"domains":{"type":["list","string"],"description_kind":"plain","optional":true,"computed":true},"resource_identifier":{"type":"string","description_kind":"plain","optional":true,"computed":true}},"description_kind":"plain"}},"user_settings":{"nesting_mode":"set","block":{"attributes":{"action":{"type":"string","description_kind":"plain","required":true},"permission":{"type":"string","description_kind":"plain","required":true}},"description_kind":"plain"}}},"description_kind":"plain"}},"appstream_stack_attachment":{"version":0,"block":{"attributes":{"appstream_fleet_id":{"type":"string","description_kind":"plain","required":true},"appstream_stack_id":{"type":"string","description_kind":"plain","required":true},"id":{"type":"string","description_kind":"plain","optional":true,"computed":true}},"description_kind":"plain"}},"appstream_usage_report_subscription":{"version":0,"block":{"attributes":{"id":{"type":"string","description_kind":"plain","optional":true,"computed":true},"s3_bucket_name":{"type":"string","description_kind":"plain","computed":true},"schedule":{"type":"string","description_kind":"plain","computed":true}},"description_kind":"plain"}}}}}}
