{"format_version":"0.2","provider_schemas":{"registry.terraform.io/arthurhlt/zipper":{"provider":{"version":0,"block":{"attributes":{"skip_ssl_validation":{"type":"bool","description_kind":"plain","optional":true}},"description_kind":"plain"}},"resource_schemas":{"zipper_file":{"version":0,"block":{"attributes":{"id":{"type":"string","description_kind":"plain","optional":true,"computed":true},"not_when_nonexists":{"type":"bool","description":"Set to true to not create zip when not exists at output_path if sources files didn't change. (to earn time if not necessary)","description_kind":"plain","optional":true},"output_path":{"type":"string","description":"The output of the archive file.","description_kind":"plain","required":true},"output_sha":{"type":"string","description":"SHA1 checksum made by zipper.","description_kind":"plain","computed":true},"output_size":{"type":"number","description":"Size of the zip file.","description_kind":"plain","computed":true},"source":{"type":"string","description":"Target source for zipper","description_kind":"plain","required":true},"type":{"type":"string","description":"Source type to use to create zip, e.g.: http, local or git. (if omitted type will be auto-detected)","description_kind":"plain","optional":true}},"description_kind":"plain"}}},"data_source_schemas":{"zipper_file":{"version":0,"block":{"attributes":{"id":{"type":"string","description_kind":"plain","optional":true,"computed":true},"not_when_exists":{"type":"bool","description":"Set to true to not create zip when already exists at output path. (to earn time if not necessary)","description_kind":"plain","optional":true},"output_path":{"type":"string","description":"The output of the archive file.","description_kind":"plain","required":true},"output_sha":{"type":"string","description":"SHA1 checksum made by zipper.","description_kind":"plain","computed":true},"output_size":{"type":"number","description":"Size of the zip file.","description_kind":"plain","computed":true},"source":{"type":"string","description":"Target source for zipper","description_kind":"plain","required":true},"type":{"type":"string","description":"Source type to use to create zip, e.g.: http, local or git. (if omitted type will be auto-detected)","description_kind":"plain","optional":true}},"description_kind":"plain"}}}}}}
