{"format_version":"0.2","provider_schemas":{"registry.terraform.io/ashishdhodria/stripe":{"provider":{"version":0,"block":{"attributes":{"secretkey":{"type":"string","description_kind":"plain","required":true}},"description_kind":"plain"}},"resource_schemas":{"stripe_user":{"version":0,"block":{"attributes":{"email":{"type":"string","description_kind":"plain","required":true},"first_name":{"type":"string","description_kind":"plain","required":true},"id":{"type":"string","description_kind":"plain","optional":true,"computed":true},"last_name":{"type":"string","description_kind":"plain","required":true}},"description_kind":"plain"}}},"data_source_schemas":{"stripe_user":{"version":0,"block":{"attributes":{"email":{"type":"string","description_kind":"plain","required":true},"first_name":{"type":"string","description_kind":"plain","computed":true},"id":{"type":"string","description_kind":"plain","optional":true,"computed":true},"last_name":{"type":"string","description_kind":"plain","computed":true}},"description_kind":"plain"}}}}}}
