{"format_version":"0.2","provider_schemas":{"registry.terraform.io/ashsmith/bigcommerce":{"provider":{"version":0,"block":{"attributes":{"access_token":{"type":"string","description_kind":"plain","optional":true,"sensitive":true},"client_id":{"type":"string","description_kind":"plain","optional":true,"sensitive":true},"store_hash":{"type":"string","description_kind":"plain","optional":true}},"description_kind":"plain"}},"resource_schemas":{"bigcommerce_webhook":{"version":0,"block":{"attributes":{"client_id":{"type":"string","description_kind":"plain","computed":true,"sensitive":true},"created_at":{"type":"number","description_kind":"plain","computed":true},"destination":{"type":"string","description_kind":"plain","required":true},"id":{"type":"string","description_kind":"plain","computed":true},"is_active":{"type":"bool","description_kind":"plain","required":true},"scope":{"type":"string","description_kind":"plain","required":true},"store_hash":{"type":"string","description_kind":"plain","computed":true,"sensitive":true},"updated_at":{"type":"number","description_kind":"plain","computed":true}},"block_types":{"header":{"nesting_mode":"set","block":{"attributes":{"key":{"type":"string","description_kind":"plain","required":true},"value":{"type":"string","description_kind":"plain","required":true}},"description_kind":"plain"}}},"description":"Provides a BigCommerce Webhook resource.","description_kind":"plain"}}},"data_source_schemas":{"bigcommerce_webhook":{"version":0,"block":{"attributes":{"client_id":{"type":"string","description_kind":"plain","computed":true,"sensitive":true},"created_at":{"type":"number","description_kind":"plain","computed":true},"destination":{"type":"string","description_kind":"plain","computed":true},"id":{"type":"string","description_kind":"plain","required":true},"is_active":{"type":"bool","description_kind":"plain","computed":true},"scope":{"type":"string","description_kind":"plain","computed":true},"store_hash":{"type":"string","description_kind":"plain","computed":true,"sensitive":true},"updated_at":{"type":"number","description_kind":"plain","computed":true}},"block_types":{"header":{"nesting_mode":"set","block":{"attributes":{"key":{"type":"string","description_kind":"plain","computed":true},"value":{"type":"string","description_kind":"plain","computed":true}},"description_kind":"plain"}}},"description":"Provides information about a webhook ","description_kind":"plain"}}}}}}
