{"format_version":"0.2","provider_schemas":{"registry.terraform.io/ashukv12/discourse":{"provider":{"version":0,"block":{"attributes":{"api_key":{"type":"string","description_kind":"plain","optional":true},"api_username":{"type":"string","description_kind":"plain","optional":true},"base_url":{"type":"string","description_kind":"plain","optional":true}},"description_kind":"plain"}},"resource_schemas":{"discourse_user":{"version":0,"block":{"attributes":{"active":{"type":"bool","description_kind":"plain","optional":true},"admin":{"type":"bool","description_kind":"plain","optional":true},"email":{"type":"string","description_kind":"plain","optional":true},"id":{"type":"string","description_kind":"plain","optional":true,"computed":true},"name":{"type":"string","description_kind":"plain","optional":true,"computed":true},"user_id":{"type":"number","description_kind":"plain","computed":true},"username":{"type":"string","description_kind":"plain","computed":true}},"description_kind":"plain"}}},"data_source_schemas":{"discourse_user":{"version":0,"block":{"attributes":{"active":{"type":"bool","description_kind":"plain","optional":true},"admin":{"type":"bool","description_kind":"plain","optional":true},"email":{"type":"string","description_kind":"plain","optional":true},"id":{"type":"string","description_kind":"plain","optional":true,"computed":true},"name":{"type":"string","description_kind":"plain","optional":true},"user_id":{"type":"number","description_kind":"plain","optional":true},"username":{"type":"string","description_kind":"plain","optional":true}},"description_kind":"plain"}}}}}}
