{"format_version":"0.2","provider_schemas":{"registry.terraform.io/atlantis-eeveebank/sigsci":{"provider":{"version":0,"block":{"attributes":{"auth_token":{"type":"string","description":"The token used for authentication specify either the password or the token","description_kind":"plain","optional":true,"sensitive":true},"corp":{"type":"string","description":"Corp short name (id)","description_kind":"plain","required":true},"email":{"type":"string","description":"The email to be used for authentication","description_kind":"plain","required":true},"password":{"type":"string","description":"The password used to for authentication specify either the password or the token","description_kind":"plain","optional":true,"sensitive":true}},"description_kind":"plain"}},"resource_schemas":{"sigsci_corp_list":{"version":0,"block":{"attributes":{"description":{"type":"string","description":"Optional list description","description_kind":"plain","optional":true},"entries":{"type":["set","string"],"description":"List entries","description_kind":"plain","required":true},"id":{"type":"string","description_kind":"plain","optional":true,"computed":true},"name":{"type":"string","description":"Descriptive list name","description_kind":"plain","required":true},"type":{"type":"string","description":"List types (string, ip, country, wildcard)","description_kind":"plain","required":true}},"description_kind":"plain"}},"sigsci_corp_rule":{"version":0,"block":{"attributes":{"corp_scope":{"type":"string","description":"Whether the rule is applied to all sites or to specific sites. (global, specificSites)","description_kind":"plain","required":true},"enabled":{"type":"bool","description":"enable the rule","description_kind":"plain","required":true},"expiration":{"type":"string","description":"Date the rule will automatically be disabled. If rule is always enabled, will return empty string","description_kind":"plain","required":true},"group_operator":{"type":"string","description":"Conditions that must be matched when evaluating the request (all, any)","description_kind":"plain","required":true},"id":{"type":"string","description_kind":"plain","optional":true,"computed":true},"reason":{"type":"string","description":"Description of the rule","description_kind":"plain","required":true},"signal":{"type":"string","description":"The signal id of the signal being excluded","description_kind":"plain","required":true},"site_short_names":{"type":["set","string"],"description":"Sites with the rule available. Rules with a global corpScope will return '[]'.","description_kind":"plain","optional":true},"type":{"type":"string","description":"Type of rule (request, signal exclusion)","description_kind":"plain","required":true}},"block_types":{"actions":{"nesting_mode":"set","block":{"attributes":{"type":{"type":"string","description":"(block, allow, exclude)","description_kind":"plain","required":true}},"description":"Actions","description_kind":"plain"},"min_items":1},"conditions":{"nesting_mode":"set","block":{"attributes":{"field":{"type":"string","description":"type: single - (scheme, method, path, useragent, domain, ip, responseCode, agentname, paramname, paramvalue, country, name, valueString, valueIp, signalType)","description_kind":"plain","optional":true},"group_operator":{"type":"string","description":"type: group - Conditions that must be matched when evaluating the request (all, any)","description_kind":"plain","optional":true},"operator":{"type":"string","description":"type: single - (equals, doesNotEqual, contains, doesNotContain, like, notLike, exists, doesNotExist, inList, notInList)","description_kind":"plain","optional":true},"type":{"type":"string","description":"(group, single)","description_kind":"plain","required":true},"value":{"type":"string","description":"type: single - See request fields (https://docs.signalsciences.net/using-signal-sciences/features/rules/#request-fields)","description_kind":"plain","optional":true}},"block_types":{"conditions":{"nesting_mode":"set","block":{"attributes":{"field":{"type":"string","description":"type: single - (scheme, method, path, useragent, domain, ip, responseCode, agentname, paramname, paramvalue, country, name, valueString, valueIp, signalType)","description_kind":"plain","optional":true},"group_operator":{"type":"string","description":"type: group - Conditions that must be matched when evaluating the request (all, any)","description_kind":"plain","optional":true},"operator":{"type":"string","description":"type: single - (equals, doesNotEqual, contains, doesNotContain, like, notLike, exists, doesNotExist, inList, notInList)","description_kind":"plain","optional":true},"type":{"type":"string","description":"(group, single)","description_kind":"plain","required":true},"value":{"type":"string","description":"type: single - See request fields (https://docs.signalsciences.net/using-signal-sciences/features/rules/#request-fields)","description_kind":"plain","optional":true}},"description":"Conditions","description_kind":"plain"}}},"description":"Conditions","description_kind":"plain"},"min_items":1}},"description_kind":"plain"}},"sigsci_corp_signal_tag":{"version":0,"block":{"attributes":{"configurable":{"type":"bool","description":"configurable","description_kind":"plain","computed":true},"description":{"type":"string","description":"Optional signal tag description","description_kind":"plain","required":true},"id":{"type":"string","description_kind":"plain","optional":true,"computed":true},"informational":{"type":"bool","description":"informational","description_kind":"plain","computed":true},"needs_response":{"type":"bool","description":"need response","description_kind":"plain","computed":true},"short_name":{"type":"string","description":"The display name of the signal tag","description_kind":"plain","required":true}},"description_kind":"plain"}},"sigsci_site":{"version":0,"block":{"attributes":{"agent_anon_mode":{"type":"string","description":"Agent IP anonymization mode - \"\" (empty string) or 'EU'","description_kind":"plain","optional":true},"agent_level":{"type":"string","description":"Agent action level - 'block', 'log' or 'off'","description_kind":"plain","optional":true},"block_duration_seconds":{"type":"number","description":"Duration to block an IP in seconds","description_kind":"plain","optional":true},"block_http_code":{"type":"number","description":"HTTP response code to send when when traffic is being blocked","description_kind":"plain","optional":true},"display_name":{"type":"string","description":"Display name of the site","description_kind":"plain","required":true},"id":{"type":"string","description_kind":"plain","optional":true,"computed":true},"short_name":{"type":"string","description":"Identifying name of the site","description_kind":"plain","required":true}},"description_kind":"plain"}},"sigsci_site_alert":{"version":0,"block":{"attributes":{"action":{"type":"string","description":"A flag that describes what happens when the alert is triggered. 'info' creates an incident in the dashboard. 'flagged' creates an incident and blocks traffic for 24 hours. Must be info or flagged.","description_kind":"plain","optional":true},"block_duration_seconds":{"type":"number","description":"The number of seconds this alert is active.","description_kind":"plain","optional":true},"enabled":{"type":"bool","description":"A flag to toggle this alert.","description_kind":"plain","optional":true},"id":{"type":"string","description_kind":"plain","optional":true,"computed":true},"interval":{"type":"number","description":"The number of minutes of past traffic to examine. Must be 1, 10 or 60.","description_kind":"plain","optional":true},"long_name":{"type":"string","description":"description","description_kind":"plain","optional":true},"site_short_name":{"type":"string","description":"Site short name","description_kind":"plain","required":true},"tag_name":{"type":"string","description":"The name of the tag whose occurrences the alert is watching. Must match an existing tag","description_kind":"plain","required":true},"threshold":{"type":"number","description":"The number of occurrences of the tag in the interval needed to trigger the alert. Min 1, Max 10000","description_kind":"plain","optional":true}},"description_kind":"plain"}},"sigsci_site_blacklist":{"version":0,"block":{"attributes":{"expires":{"type":"string","description":"Optional RFC3339-formatted datetime in the future. Omit this paramater if it does not expire.","description_kind":"plain","optional":true},"id":{"type":"string","description_kind":"plain","optional":true,"computed":true},"note":{"type":"string","description":"Note/Description associated with the tag.","description_kind":"plain","required":true},"site_short_name":{"type":"string","description":"Site short name","description_kind":"plain","required":true},"source":{"type":"string","description":"Source IP Address to Blacklist","description_kind":"plain","required":true}},"description_kind":"plain"}},"sigsci_site_header_link":{"version":0,"block":{"attributes":{"id":{"type":"string","description_kind":"plain","optional":true,"computed":true},"link":{"type":"string","description":"External link","description_kind":"plain","required":true},"link_name":{"type":"string","description":"Name of header link for display purposes","description_kind":"plain","optional":true},"name":{"type":"string","description":"Descriptive list name","description_kind":"plain","required":true},"site_short_name":{"type":"string","description":"Site short name","description_kind":"plain","required":true},"type":{"type":"string","description":"The type of header, either 'request' or 'response'","description_kind":"plain","required":true}},"description_kind":"plain"}},"sigsci_site_list":{"version":0,"block":{"attributes":{"description":{"type":"string","description":"Optional list description","description_kind":"plain","optional":true},"entries":{"type":["set","string"],"description":"List entries","description_kind":"plain","required":true},"id":{"type":"string","description_kind":"plain","optional":true,"computed":true},"name":{"type":"string","description":"Descriptive list name","description_kind":"plain","required":true},"site_short_name":{"type":"string","description":"Site short name","description_kind":"plain","required":true},"type":{"type":"string","description":"List types (string, ip, country, wildcard)","description_kind":"plain","required":true}},"description_kind":"plain"}},"sigsci_site_monitor":{"version":0,"block":{"attributes":{"dashboard_id":{"type":"string","description":"Dashboard ID","description_kind":"plain","required":true},"id":{"type":"string","description_kind":"plain","optional":true,"computed":true},"share":{"type":"bool","description":"Enables or Disables the site monitor","description_kind":"plain","optional":true},"site_short_name":{"type":"string","description":"Site short name","description_kind":"plain","required":true},"url":{"type":"string","description":"Share url","description_kind":"plain","computed":true}},"description_kind":"plain"}},"sigsci_site_redaction":{"version":0,"block":{"attributes":{"field":{"type":"string","description":"Field Name","description_kind":"plain","required":true},"id":{"type":"string","description_kind":"plain","optional":true,"computed":true},"redaction_type":{"type":"number","description":"Type of redaction (0: Request Parameter, 1: Request Header, 2: Response Header)","description_kind":"plain","required":true},"site_short_name":{"type":"string","description":"Site short name","description_kind":"plain","required":true}},"description_kind":"plain"}},"sigsci_site_rule":{"version":0,"block":{"attributes":{"enabled":{"type":"bool","description":"enable the rule","description_kind":"plain","required":true},"expiration":{"type":"string","description":"Date the rule will automatically be disabled. If rule is always enabled, will return empty string","description_kind":"plain","required":true},"group_operator":{"type":"string","description":"Conditions that must be matched when evaluating the request (all, any)","description_kind":"plain","required":true},"id":{"type":"string","description_kind":"plain","optional":true,"computed":true},"rate_limit":{"type":["map","string"],"description":"Rate Limit","description_kind":"plain","optional":true},"reason":{"type":"string","description":"Description of the rule","description_kind":"plain","required":true},"signal":{"type":"string","description":"The signal id of the signal being excluded","description_kind":"plain","optional":true},"site_short_name":{"type":"string","description":"Site short name","description_kind":"plain","required":true},"type":{"type":"string","description":"Type of rule (request, signal exclusion)","description_kind":"plain","required":true}},"block_types":{"actions":{"nesting_mode":"set","block":{"attributes":{"type":{"type":"string","description":"(block, allow, exclude)","description_kind":"plain","required":true}},"description":"Actions","description_kind":"plain"},"min_items":1},"conditions":{"nesting_mode":"set","block":{"attributes":{"field":{"type":"string","description":"type: single - (scheme, method, path, useragent, domain, ip, responseCode, agentname, paramname, paramvalue, country, name, valueString, valueIp, signalType, signal)","description_kind":"plain","optional":true},"group_operator":{"type":"string","description":"type: group - Conditions that must be matched when evaluating the request (all, any)","description_kind":"plain","optional":true},"operator":{"type":"string","description":"type: single - (equals, doesNotEqual, contains, doesNotContain, like, notLike, exists, doesNotExist, inList, notInList)","description_kind":"plain","optional":true},"type":{"type":"string","description":"(group, single)","description_kind":"plain","required":true},"value":{"type":"string","description":"type: single - See request fields (https://docs.signalsciences.net/using-signal-sciences/features/rules/#request-fields)","description_kind":"plain","optional":true}},"block_types":{"conditions":{"nesting_mode":"set","block":{"attributes":{"field":{"type":"string","description":"type: single - (scheme, method, path, useragent, domain, ip, responseCode, agentname, paramname, paramvalue, country, name, valueString, valueIp, signalType, signal)","description_kind":"plain","optional":true},"group_operator":{"type":"string","description":"type: group - Conditions that must be matched when evaluating the request (all, any)","description_kind":"plain","optional":true},"operator":{"type":"string","description":"type: single - (equals, doesNotEqual, contains, doesNotContain, like, notLike, exists, doesNotExist, inList, notInList)","description_kind":"plain","optional":true},"type":{"type":"string","description":"(group, single)","description_kind":"plain","required":true},"value":{"type":"string","description":"type: single - See request fields (https://docs.signalsciences.net/using-signal-sciences/features/rules/#request-fields)","description_kind":"plain","optional":true}},"block_types":{"conditions":{"nesting_mode":"set","block":{"attributes":{"field":{"type":"string","description":"type: single - (scheme, method, path, useragent, domain, ip, responseCode, agentname, paramname, paramvalue, country, name, valueString, valueIp, signalType, signal)","description_kind":"plain","optional":true},"group_operator":{"type":"string","description":"type: group - Conditions that must be matched when evaluating the request (all, any)","description_kind":"plain","optional":true},"operator":{"type":"string","description":"type: single - (equals, doesNotEqual, contains, doesNotContain, like, notLike, exists, doesNotExist, inList, notInList)","description_kind":"plain","optional":true},"type":{"type":"string","description":"(group, single)","description_kind":"plain","required":true},"value":{"type":"string","description":"type: single - See request fields (https://docs.signalsciences.net/using-signal-sciences/features/rules/#request-fields)","description_kind":"plain","optional":true}},"description":"Conditions","description_kind":"plain"}}},"description":"Conditions","description_kind":"plain"}}},"description":"Conditions","description_kind":"plain"},"min_items":1}},"description_kind":"plain"}},"sigsci_site_signal_tag":{"version":0,"block":{"attributes":{"description":{"type":"string","description":"description","description_kind":"plain","optional":true},"id":{"type":"string","description_kind":"plain","optional":true,"computed":true},"name":{"type":"string","description":"The display name of the signal tag","description_kind":"plain","required":true},"site_short_name":{"type":"string","description":"Site short name","description_kind":"plain","required":true}},"description_kind":"plain"}},"sigsci_site_templated_rule":{"version":0,"block":{"attributes":{"id":{"type":"string","description_kind":"plain","optional":true,"computed":true},"name":{"type":"string","description":"Name of templated rule.  This must match an existing templated rule e.g., LOGINATTEMPT, CMDEXE, XSS...","description_kind":"plain","required":true},"site_short_name":{"type":"string","description":"Site short name","description_kind":"plain","required":true}},"block_types":{"alerts":{"nesting_mode":"set","block":{"attributes":{"action":{"type":"string","description_kind":"plain","required":true},"enabled":{"type":"bool","description_kind":"plain","required":true},"id":{"type":"string","description_kind":"plain","computed":true},"interval":{"type":"number","description_kind":"plain","required":true},"long_name":{"type":"string","description_kind":"plain","required":true},"skip_notifications":{"type":"bool","description_kind":"plain","required":true},"threshold":{"type":"number","description_kind":"plain","required":true}},"description":"Alerts","description_kind":"plain"}},"detections":{"nesting_mode":"set","block":{"attributes":{"enabled":{"type":"bool","description_kind":"plain","required":true},"id":{"type":"string","description_kind":"plain","computed":true},"name":{"type":"string","description_kind":"plain","computed":true}},"block_types":{"fields":{"nesting_mode":"set","block":{"attributes":{"name":{"type":"string","description_kind":"plain","required":true},"value":{"type":"string","description_kind":"plain","required":true}},"description_kind":"plain"},"min_items":1}},"description":"description","description_kind":"plain"},"min_items":1}},"description_kind":"plain"}},"sigsci_site_whitelist":{"version":0,"block":{"attributes":{"expires":{"type":"string","description":"Optional RFC3339-formatted datetime in the future. Omit this paramater if it does not expire.","description_kind":"plain","optional":true},"id":{"type":"string","description_kind":"plain","optional":true,"computed":true},"note":{"type":"string","description":"Note/Description associated with the tag.","description_kind":"plain","required":true},"site_short_name":{"type":"string","description":"Site short name","description_kind":"plain","required":true},"source":{"type":"string","description":"Source IP Address to whitelist","description_kind":"plain","required":true}},"description_kind":"plain"}}}}}}
