{"format_version":"0.2","provider_schemas":{"registry.terraform.io/atlantis-eeveebank/sumologic-cse":{"provider":{"version":0,"block":{"attributes":{"api_key":{"type":"string","description_kind":"plain","required":true},"host":{"type":"string","description_kind":"plain","optional":true}},"description_kind":"plain"}},"resource_schemas":{"sumologiccse_aggregation_rule":{"version":0,"block":{"attributes":{"description_expression":{"type":"string","description_kind":"plain","required":true},"enabled":{"type":"bool","description_kind":"plain","required":true},"group_by_entity":{"type":"bool","description_kind":"plain","required":true},"group_by_fields":{"type":["list","string"],"description_kind":"plain","required":true},"id":{"type":"string","description_kind":"plain","computed":true},"is_prototype":{"type":"bool","description_kind":"plain","optional":true},"match_expression":{"type":"string","description_kind":"plain","required":true},"name":{"type":"string","description_kind":"plain","required":true},"name_expression":{"type":"string","description_kind":"plain","required":true},"summary_expression":{"type":"string","description_kind":"plain","optional":true},"tags":{"type":["list","string"],"description_kind":"plain","required":true},"trigger_expression":{"type":"string","description_kind":"plain","required":true},"window_size":{"type":"string","description_kind":"plain","optional":true}},"block_types":{"aggregation_function":{"nesting_mode":"list","block":{"attributes":{"arguments":{"type":["list","string"],"description_kind":"plain","required":true},"function":{"type":"string","description_kind":"plain","required":true},"name":{"type":"string","description_kind":"plain","required":true}},"description_kind":"plain"},"min_items":1},"entity_selectors":{"nesting_mode":"list","block":{"attributes":{"entity_type":{"type":"string","description_kind":"plain","required":true},"expression":{"type":"string","description_kind":"plain","required":true}},"description_kind":"plain"}},"severity_mapping":{"nesting_mode":"list","block":{"attributes":{"default":{"type":"number","description_kind":"plain","optional":true},"type":{"type":"string","description_kind":"plain","optional":true}},"description_kind":"plain"},"min_items":1}},"description_kind":"plain"}},"sumologiccse_custom_entity_type":{"version":0,"block":{"attributes":{"fields":{"type":["list","string"],"description_kind":"plain","required":true},"id":{"type":"string","description_kind":"plain","computed":true},"identifier":{"type":"string","description_kind":"plain","required":true},"name":{"type":"string","description_kind":"plain","required":true}},"description_kind":"plain"}},"sumologiccse_custom_insight":{"version":0,"block":{"attributes":{"created":{"type":"string","description_kind":"plain","computed":true},"description":{"type":"string","description_kind":"plain","required":true},"enabled":{"type":"bool","description_kind":"plain","required":true},"id":{"type":"string","description_kind":"plain","computed":true},"last_updated":{"type":"string","description_kind":"plain","computed":true},"name":{"type":"string","description_kind":"plain","required":true},"ordered":{"type":"bool","description_kind":"plain","required":true},"rule_ids":{"type":["list","string"],"description_kind":"plain","required":true},"severity":{"type":"string","description_kind":"plain","required":true},"tags":{"type":["list","string"],"description_kind":"plain","required":true}},"description_kind":"plain"}},"sumologiccse_log_mapping":{"version":0,"block":{"attributes":{"enabled":{"type":"bool","description_kind":"plain","required":true},"id":{"type":"string","description_kind":"plain","computed":true},"name":{"type":"string","description_kind":"plain","required":true},"product_guid":{"type":"string","description_kind":"plain","required":true},"record_type":{"type":"string","description_kind":"plain","required":true},"relates_entities":{"type":"bool","description_kind":"plain","optional":true},"skipped_values":{"type":["list","string"],"description_kind":"plain","optional":true},"source":{"type":"string","description_kind":"plain","optional":true}},"block_types":{"field":{"nesting_mode":"list","block":{"attributes":{"alternate_values":{"type":["list","string"],"description_kind":"plain","optional":true},"case_insensitive":{"type":"bool","description_kind":"plain","optional":true},"default_value":{"type":"string","description_kind":"plain","optional":true},"format":{"type":"string","description_kind":"plain","optional":true},"name":{"type":"string","description_kind":"plain","optional":true},"value":{"type":"string","description_kind":"plain","optional":true},"value_type":{"type":"string","description_kind":"plain","optional":true}},"block_types":{"lookup":{"nesting_mode":"list","block":{"attributes":{"key":{"type":"string","description_kind":"plain","optional":true},"value":{"type":"string","description_kind":"plain","optional":true}},"description_kind":"plain"}}},"description_kind":"plain"},"min_items":1},"structured_input":{"nesting_mode":"list","block":{"attributes":{"event_id_pattern":{"type":"string","description_kind":"plain","optional":true},"log_format":{"type":"string","description_kind":"plain","optional":true},"product":{"type":"string","description_kind":"plain","optional":true},"vendor":{"type":"string","description_kind":"plain","optional":true}},"description_kind":"plain"},"min_items":1}},"description_kind":"plain"}},"sumologiccse_match_list":{"version":0,"block":{"attributes":{"default_ttl":{"type":"number","description_kind":"plain","required":true},"description":{"type":"string","description_kind":"plain","required":true},"id":{"type":"string","description_kind":"plain","computed":true},"name":{"type":"string","description_kind":"plain","required":true},"target_column":{"type":"string","description_kind":"plain","required":true}},"description_kind":"plain"}},"sumologiccse_match_list_item":{"version":0,"block":{"attributes":{"description":{"type":"string","description_kind":"plain","required":true},"expiration":{"type":"string","description_kind":"plain","optional":true},"id":{"type":"string","description_kind":"plain","computed":true},"match_list_id":{"type":"string","description_kind":"plain","required":true},"value":{"type":"string","description_kind":"plain","required":true}},"description_kind":"plain"}},"sumologiccse_match_rule":{"version":0,"block":{"attributes":{"description_expression":{"type":"string","description_kind":"plain","required":true},"enabled":{"type":"bool","description_kind":"plain","required":true},"expression":{"type":"string","description_kind":"plain","required":true},"id":{"type":"string","description_kind":"plain","computed":true},"is_prototype":{"type":"bool","description_kind":"plain","optional":true},"name":{"type":"string","description_kind":"plain","required":true},"name_expression":{"type":"string","description_kind":"plain","required":true},"summary_expression":{"type":"string","description_kind":"plain","optional":true},"tags":{"type":["list","string"],"description_kind":"plain","required":true}},"block_types":{"entity_selectors":{"nesting_mode":"list","block":{"attributes":{"entity_type":{"type":"string","description_kind":"plain","required":true},"expression":{"type":"string","description_kind":"plain","required":true}},"description_kind":"plain"}},"severity_mapping":{"nesting_mode":"list","block":{"attributes":{"default":{"type":"number","description_kind":"plain","optional":true},"type":{"type":"string","description_kind":"plain","optional":true}},"description_kind":"plain"},"min_items":1}},"description_kind":"plain"}},"sumologiccse_network_block":{"version":0,"block":{"attributes":{"address_block":{"type":"string","description_kind":"plain","required":true},"id":{"type":"string","description_kind":"plain","computed":true},"internal":{"type":"bool","description_kind":"plain","required":true},"label":{"type":"string","description_kind":"plain","required":true},"suppresses_signals":{"type":"bool","description_kind":"plain","required":true}},"description_kind":"plain"}},"sumologiccse_role":{"version":0,"block":{"attributes":{"id":{"type":"string","description_kind":"plain","computed":true},"name":{"type":"string","description_kind":"plain","required":true},"permissions":{"type":["list","string"],"description_kind":"plain","required":true}},"description_kind":"plain"}},"sumologiccse_threshold_rule":{"version":0,"block":{"attributes":{"count_distinct":{"type":"bool","description_kind":"plain","required":true},"count_field":{"type":"string","description_kind":"plain","optional":true},"description":{"type":"string","description_kind":"plain","required":true},"enabled":{"type":"bool","description_kind":"plain","required":true},"expression":{"type":"string","description_kind":"plain","required":true},"group_by_fields":{"type":["list","string"],"description_kind":"plain","optional":true},"id":{"type":"string","description_kind":"plain","computed":true},"is_prototype":{"type":"bool","description_kind":"plain","optional":true},"limit":{"type":"number","description_kind":"plain","required":true},"name":{"type":"string","description_kind":"plain","required":true},"severity":{"type":"number","description_kind":"plain","required":true},"summary_expression":{"type":"string","description_kind":"plain","optional":true},"tags":{"type":["list","string"],"description_kind":"plain","required":true},"window_size":{"type":"string","description_kind":"plain","optional":true}},"block_types":{"entity_selectors":{"nesting_mode":"list","block":{"attributes":{"entity_type":{"type":"string","description_kind":"plain","required":true},"expression":{"type":"string","description_kind":"plain","required":true}},"description_kind":"plain"}}},"description_kind":"plain"}}},"data_source_schemas":{"sumologiccse_permissions":{"version":0,"block":{"attributes":{"id":{"type":"string","description_kind":"plain","optional":true,"computed":true},"permissions":{"type":["list",["object",{"id":"string","name":"string"}]],"description_kind":"plain","computed":true}},"description_kind":"plain"}},"sumologiccse_users":{"version":0,"block":{"attributes":{"id":{"type":"string","description_kind":"plain","optional":true,"computed":true},"users":{"type":["list",["object",{"display_name":"string","email":"string","id":"string","mfa_enabled":"bool","permissions":["list","string"],"role":"string","teams":["list","string"],"username":"string"}]],"description_kind":"plain","computed":true}},"description_kind":"plain"}}}}}}
