{"format_version":"0.2","provider_schemas":{"registry.terraform.io/aucloud/swarm":{"provider":{"version":0,"block":{"attributes":{"ssh_addr":{"type":"string","description_kind":"plain","optional":true},"ssh_key":{"type":"string","description_kind":"plain","optional":true,"sensitive":true},"ssh_user":{"type":"string","description_kind":"plain","optional":true},"use_local":{"type":"bool","description_kind":"plain","optional":true}},"description_kind":"plain"}},"resource_schemas":{"swarm_cluster":{"version":0,"block":{"attributes":{"created_at":{"type":"string","description_kind":"plain","optional":true,"computed":true},"id":{"type":"string","description_kind":"plain","optional":true,"computed":true},"skip_manager_validation":{"type":"bool","description_kind":"plain","optional":true},"updated_at":{"type":"string","description_kind":"plain","optional":true,"computed":true}},"block_types":{"nodes":{"nesting_mode":"list","block":{"attributes":{"hostname":{"type":"string","description_kind":"plain","required":true},"private_address":{"type":"string","description_kind":"plain","required":true},"public_address":{"type":"string","description_kind":"plain","required":true},"tags":{"type":["map","string"],"description_kind":"plain","required":true}},"description_kind":"plain"},"min_items":1}},"description_kind":"plain"}}},"data_source_schemas":{"swarm_cluster":{"version":0,"block":{"attributes":{"created_at":{"type":"string","description_kind":"plain","computed":true},"id":{"type":"string","description_kind":"plain","optional":true,"computed":true},"managers":{"type":"number","description_kind":"plain","computed":true},"nodes":{"type":"number","description_kind":"plain","computed":true},"remote_managers":{"type":["list",["object",{"addr":"string","id":"string"}]],"description_kind":"plain","computed":true}},"description_kind":"plain"}},"swarm_nodes":{"version":0,"block":{"attributes":{"all":{"type":["list",["object",{"cpus":"number","id":"string","kernel_version":"string","labels":["list","string"],"manager":"bool","memory":"number","name":"string","os":"string","os_type":"string","os_version":"string","server_version":"string"}]],"description_kind":"plain","computed":true},"id":{"type":"string","description_kind":"plain","optional":true,"computed":true}},"description_kind":"plain"}}}}}}
