{"format_version":"0.2","provider_schemas":{"registry.terraform.io/aybabtme/cockroach":{"provider":{"version":0,"block":{"attributes":{"dsn":{"type":"string","description":"DSN to connect to the Cockroach cluster.","description_kind":"markdown","required":true}},"description_kind":"plain"}},"resource_schemas":{"cockroach_database":{"version":0,"block":{"attributes":{"id":{"type":"string","description_kind":"plain","optional":true,"computed":true},"name":{"type":"string","description":"Name of the database.","description_kind":"markdown","required":true},"owner":{"type":"string","description":"Owner of the database.","description_kind":"markdown","optional":true,"computed":true}},"description":"Database in a CockroachDB cluster.","description_kind":"markdown"}}},"data_source_schemas":{"cockroach_database":{"version":0,"block":{"attributes":{"id":{"type":"string","description_kind":"plain","optional":true,"computed":true},"name":{"type":"string","description":"Name of the database.","description_kind":"markdown","required":true},"owner":{"type":"string","description":"Owner of the database.","description_kind":"markdown","optional":true,"computed":true}},"description":"Sample data source in the Terraform provider scaffolding.","description_kind":"markdown"}}}}}}
