{"format_version":"0.2","provider_schemas":{"registry.terraform.io/banyansecurity/banyan":{"provider":{"version":0,"block":{"attributes":{"host":{"type":"string","description_kind":"plain","optional":true},"refresh_token":{"type":"string","description_kind":"plain","optional":true}},"description_kind":"plain"}},"resource_schemas":{"banyan_policy":{"version":0,"block":{"attributes":{"description":{"type":"string","description":"description of your service","description_kind":"plain","required":true},"id":{"type":"string","description_kind":"plain","optional":true,"computed":true},"name":{"type":"string","description":"Name of your service","description_kind":"plain","required":true}},"block_types":{"metadatatags":{"nesting_mode":"list","block":{"attributes":{"template":{"type":"string","description_kind":"plain","optional":true}},"description":"The details regarding setting up an idp. Currently only supports OIDC. SAML support is planned.","description_kind":"plain"},"min_items":1,"max_items":1},"spec":{"nesting_mode":"list","block":{"block_types":{"access":{"nesting_mode":"list","block":{"attributes":{"roles":{"type":["set","string"],"description_kind":"plain","optional":true}},"block_types":{"rules":{"nesting_mode":"list","block":{"block_types":{"conditions":{"nesting_mode":"list","block":{"attributes":{"trust_level":{"type":"string","description_kind":"plain","required":true}},"description_kind":"plain"},"min_items":1,"max_items":1},"l7_access":{"nesting_mode":"list","block":{"attributes":{"actions":{"type":["set","string"],"description_kind":"plain","required":true},"resources":{"type":["set","string"],"description_kind":"plain","required":true}},"description":"ha","description_kind":"plain"}}},"description":"rules for enforcing security policy","description_kind":"plain"},"max_items":1}},"description":"access","description_kind":"plain"}},"exception":{"nesting_mode":"list","block":{"attributes":{"src_addr":{"type":["set","string"],"description_kind":"plain","optional":true}},"description":"HTTP settings used for x","description_kind":"plain"},"min_items":1,"max_items":1},"options":{"nesting_mode":"list","block":{"attributes":{"disable_tls_client_authentication":{"type":"bool","description_kind":"plain","required":true},"l7_protocol":{"type":"string","description_kind":"plain","required":true}},"description":"options for policy","description_kind":"plain"},"min_items":1,"max_items":1}},"description":"The spec","description_kind":"plain"},"min_items":1,"max_items":1}},"description":"This is an org wide setting. There can only be one of these per organization.","description_kind":"plain"}},"banyan_policy_attachment":{"version":0,"block":{"attributes":{"attached_to_id":{"type":"string","description":"description of your service","description_kind":"plain","required":true},"attached_to_type":{"type":"string","description":"what the policy is attached to","description_kind":"plain","required":true},"id":{"type":"string","description_kind":"plain","optional":true,"computed":true},"is_enforcing":{"type":"bool","description":"sets if the policy is enforcing","description_kind":"plain","required":true},"policy_id":{"type":"string","description":"Name of your service","description_kind":"plain","required":true}},"description":"Attach a policy to a service or saasapp","description_kind":"plain"}},"banyan_role":{"version":0,"block":{"attributes":{"description":{"type":"string","description":"description of your service","description_kind":"plain","required":true},"id":{"type":"string","description_kind":"plain","optional":true,"computed":true},"name":{"type":"string","description":"Name of your service","description_kind":"plain","required":true}},"block_types":{"metadatatags":{"nesting_mode":"list","block":{"attributes":{"template":{"type":"string","description_kind":"plain","optional":true}},"description":"The details regarding setting up an idp. Currently only supports OIDC. SAML support is planned.","description_kind":"plain"},"min_items":1,"max_items":1},"spec":{"nesting_mode":"list","block":{"attributes":{"device_ownership":{"type":["set","string"],"description":"access","description_kind":"plain","optional":true},"email":{"type":["set","string"],"description":"access","description_kind":"plain","optional":true},"group":{"type":["set","string"],"description":"access","description_kind":"plain","optional":true},"known_device_only":{"type":"bool","description":"access","description_kind":"plain","optional":true},"mdm_present":{"type":"bool","description":"access","description_kind":"plain","optional":true},"platform":{"type":["set","string"],"description":"access","description_kind":"plain","optional":true}},"description":"The spec","description_kind":"plain"},"min_items":1,"max_items":1}},"description":"This is an org wide setting. There can only be one of these per organization.","description_kind":"plain"}},"banyan_service":{"version":0,"block":{"attributes":{"cluster":{"type":"string","description":"description of your service","description_kind":"plain","required":true},"description":{"type":"string","description":"description of your service","description_kind":"plain","required":true},"id":{"type":"string","description_kind":"plain","optional":true,"computed":true},"name":{"type":"string","description":"Name of your service","description_kind":"plain","required":true}},"block_types":{"metadatatags":{"nesting_mode":"list","block":{"attributes":{"domain":{"type":"string","description_kind":"plain","required":true},"port":{"type":"number","description_kind":"plain","required":true},"protocol":{"type":"string","description_kind":"plain","required":true},"service_app_type":{"type":"string","description_kind":"plain","required":true},"template":{"type":"string","description_kind":"plain","optional":true},"user_facing":{"type":"bool","description_kind":"plain","required":true}},"description":"The details regarding setting up an idp. Currently only supports OIDC. SAML support is planned.","description_kind":"plain"},"min_items":1,"max_items":1},"spec":{"nesting_mode":"list","block":{"block_types":{"attributes":{"nesting_mode":"list","block":{"attributes":{"tls_sni":{"type":["set","string"],"description_kind":"plain","optional":true}},"block_types":{"frontend_address":{"nesting_mode":"list","block":{"attributes":{"cidr":{"type":"string","description_kind":"plain","required":true},"port":{"type":"number","description_kind":"plain","required":true}},"description":"frontend addresses","description_kind":"plain"},"min_items":1},"host_tag_selector":{"nesting_mode":"list","block":{"attributes":{"site_name":{"type":"string","description_kind":"plain","required":true}},"description":"host_tag_selector","description_kind":"plain"},"min_items":1}},"description":"attributes","description_kind":"plain"},"min_items":1,"max_items":1},"backend":{"nesting_mode":"list","block":{"block_types":{"target":{"nesting_mode":"list","block":{"attributes":{"client_certificate":{"type":"bool","description_kind":"plain","required":true},"name":{"type":"string","description_kind":"plain","required":true},"port":{"type":"number","description_kind":"plain","required":true},"tls":{"type":"bool","description_kind":"plain","required":true},"tls_insecure":{"type":"bool","description_kind":"plain","required":true}},"description":"target","description_kind":"plain"},"min_items":1}},"description":"backend","description_kind":"plain"},"min_items":1,"max_items":1},"cert_settings":{"nesting_mode":"list","block":{"attributes":{"dns_names":{"type":["set","string"],"description_kind":"plain","optional":true},"letsencrypt":{"type":"bool","description_kind":"plain","optional":true}},"description":"cert settings used for x","description_kind":"plain"},"min_items":1,"max_items":1},"http_settings":{"nesting_mode":"list","block":{"attributes":{"enabled":{"type":"bool","description_kind":"plain","required":true}},"block_types":{"oidc_settings":{"nesting_mode":"list","block":{"attributes":{"enabled":{"type":"bool","description_kind":"plain","optional":true},"service_domain_name":{"type":"string","description_kind":"plain","optional":true}},"description":"oidc settings","description_kind":"plain"},"min_items":1,"max_items":1}},"description":"HTTP settings used for x","description_kind":"plain"},"min_items":1,"max_items":1}},"description":"The spec","description_kind":"plain"},"min_items":1,"max_items":1}},"description":"This is an org wide setting. There can only be one of these per organization.","description_kind":"plain"}}},"data_source_schemas":{"banyan_oidc_settings":{"version":0,"block":{"attributes":{"authorization_endpoint":{"type":"string","description_kind":"plain","computed":true},"id":{"type":"string","description_kind":"plain","optional":true,"computed":true},"issuer_url":{"type":"string","description_kind":"plain","computed":true},"jwks_endpoint":{"type":"string","description_kind":"plain","computed":true},"openid_configuration_endpoint":{"type":"string","description_kind":"plain","computed":true},"redirect_url":{"type":"string","description_kind":"plain","computed":true},"scope":{"type":"string","description_kind":"plain","computed":true},"token_endpoint":{"type":"string","description_kind":"plain","computed":true},"userinfo_endpoint":{"type":"string","description_kind":"plain","computed":true}},"description_kind":"plain"}}}}}}
