{"format_version":"0.2","provider_schemas":{"registry.terraform.io/bapung/idcloudhost":{"provider":{"version":0,"block":{"attributes":{"auth_token":{"type":"string","description_kind":"plain","optional":true,"sensitive":true},"region":{"type":"string","description_kind":"plain","optional":true}},"description_kind":"plain"}},"resource_schemas":{"idcloudhost_floating_ip":{"version":0,"block":{"attributes":{"address":{"type":"string","description_kind":"plain","computed":true},"assigned_to":{"type":"string","description_kind":"plain","optional":true},"billing_account_id":{"type":"number","description_kind":"plain","required":true},"created_at":{"type":"string","description_kind":"plain","computed":true},"enabled":{"type":"bool","description_kind":"plain","computed":true},"id":{"type":"string","description_kind":"plain","computed":true},"name":{"type":"string","description_kind":"plain","required":true},"network_id":{"type":"string","description_kind":"plain","computed":true},"type":{"type":"string","description_kind":"plain","computed":true},"updated_at":{"type":"string","description_kind":"plain","computed":true},"user_id":{"type":"number","description_kind":"plain","computed":true}},"block_types":{"timeouts":{"nesting_mode":"single","block":{"attributes":{"create":{"type":"string","description_kind":"plain","optional":true}},"description_kind":"plain"}}},"description_kind":"plain"}},"idcloudhost_vm":{"version":0,"block":{"attributes":{"backup":{"type":"bool","description_kind":"plain","optional":true},"billing_account_id":{"type":"number","description_kind":"plain","required":true},"created_at":{"type":"string","description_kind":"plain","computed":true},"description":{"type":"string","description_kind":"plain","optional":true},"disks":{"type":"number","description_kind":"plain","required":true},"hostname":{"type":"string","description_kind":"plain","computed":true},"hypervisor_id":{"type":"string","description_kind":"plain","computed":true},"id":{"type":"string","description_kind":"plain","computed":true},"initial_password":{"type":"string","description_kind":"plain","required":true,"sensitive":true},"mac":{"type":"string","description_kind":"plain","computed":true},"memory":{"type":"number","description_kind":"plain","required":true},"name":{"type":"string","description_kind":"plain","required":true},"os_name":{"type":"string","description_kind":"plain","required":true},"os_version":{"type":"string","description_kind":"plain","required":true},"private_ipv4":{"type":"string","description_kind":"plain","computed":true},"public_key":{"type":"string","description_kind":"plain","optional":true},"source_replica":{"type":"string","description_kind":"plain","optional":true},"source_uuid":{"type":"string","description_kind":"plain","optional":true},"status":{"type":"string","description_kind":"plain","computed":true},"storage":{"type":["list",["object",{"created_at":"string","id":"number","name":"string","pool":"string","primary":"bool","replica":["list","string"],"shared":"bool","size":"number","type":"string","updated_at":"string","user_id":"number","uuid":"string"}]],"description_kind":"plain","computed":true},"tags":{"type":["list","string"],"description_kind":"plain","computed":true},"updated_at":{"type":"string","description_kind":"plain","computed":true},"user_id":{"type":"number","description_kind":"plain","computed":true},"username":{"type":"string","description_kind":"plain","required":true},"uuid":{"type":"string","description_kind":"plain","computed":true},"vcpu":{"type":"number","description_kind":"plain","required":true}},"block_types":{"timeouts":{"nesting_mode":"single","block":{"attributes":{"create":{"type":"string","description_kind":"plain","optional":true}},"description_kind":"plain"}}},"description_kind":"plain"}},"idcloudhost_vm_disks":{"version":0,"block":{"attributes":{"created_at":{"type":"string","description_kind":"plain","computed":true},"id":{"type":"string","description_kind":"plain","computed":true},"name":{"type":"string","description_kind":"plain","computed":true},"pool":{"type":"string","description_kind":"plain","computed":true},"primary":{"type":"bool","description_kind":"plain","computed":true},"replica":{"type":["list","string"],"description_kind":"plain","computed":true},"shared":{"type":"bool","description_kind":"plain","computed":true},"size":{"type":"number","description_kind":"plain","required":true},"type":{"type":"string","description_kind":"plain","computed":true},"updated_at":{"type":"string","description_kind":"plain","computed":true},"user_id":{"type":"number","description_kind":"plain","computed":true},"uuid":{"type":"string","description_kind":"plain","computed":true},"vm_uuid":{"type":"string","description_kind":"plain","required":true}},"block_types":{"timeouts":{"nesting_mode":"single","block":{"attributes":{"create":{"type":"string","description_kind":"plain","optional":true}},"description_kind":"plain"}}},"description_kind":"plain"}}},"data_source_schemas":{"idcloudhost_vms":{"version":0,"block":{"attributes":{"id":{"type":"string","description_kind":"plain","optional":true,"computed":true},"vms":{"type":["list",["object",{"backup":"bool","billing_account_id":"number","created_at":"string","description":"string","hostname":"string","hypervisor_id":"string","id":"number","mac":"string","memory":"number","name":"string","os_name":"string","os_version":"string","private_ipv4":"string","status":"string","storage":["list",["object",{"created_at":"string","id":"number","name":"string","pool":"string","primary":"bool","replica":["list","string"],"shared":"bool","size":"number","type":"string","updated_at":"string","user_id":"number","uuid":"string"}]],"tags":["list","string"],"updated_at":"string","user_id":"number","username":"string","uuid":"string","vcpu":"number"}]],"description_kind":"plain","computed":true}},"description_kind":"plain"}}}}}}
