{"format_version":"0.2","provider_schemas":{"registry.terraform.io/bastijnv/vault":{"provider":{"version":0,"block":{"attributes":{"add_address_to_env":{"type":"string","description":"If true, adds the value of the `address` argument to the Terraform process environment.","description_kind":"plain","optional":true},"address":{"type":"string","description":"URL of the root of the target Vault server.","description_kind":"plain","required":true},"ca_cert_dir":{"type":"string","description":"Path to directory containing CA certificate files to validate the server's certificate.","description_kind":"plain","optional":true},"ca_cert_file":{"type":"string","description":"Path to a CA certificate file to validate the server's certificate.","description_kind":"plain","optional":true},"max_lease_ttl_seconds":{"type":"number","description":"Maximum TTL for secret leases requested by this provider","description_kind":"plain","optional":true},"max_retries":{"type":"number","description":"Maximum number of retries when a 5xx error code is encountered.","description_kind":"plain","optional":true},"namespace":{"type":"string","description":"The namespace to use. Available only for Vault Enterprise","description_kind":"plain","optional":true},"skip_tls_verify":{"type":"bool","description":"Set this to true only if the target Vault server is an insecure development instance.","description_kind":"plain","optional":true},"token":{"type":"string","description":"Token to use to authenticate to Vault.","description_kind":"plain","optional":true},"token_name":{"type":"string","description":"Token name to use for creating the Vault child token.","description_kind":"plain","optional":true}},"block_types":{"auth_login":{"nesting_mode":"list","block":{"attributes":{"namespace":{"type":"string","description_kind":"plain","optional":true},"parameters":{"type":["map","string"],"description_kind":"plain","optional":true},"path":{"type":"string","description_kind":"plain","required":true}},"description_kind":"plain"}},"client_auth":{"nesting_mode":"list","block":{"attributes":{"cert_file":{"type":"string","description":"Path to a file containing the client certificate.","description_kind":"plain","optional":true},"key_file":{"type":"string","description":"Path to a file containing the private key that the certificate was issued for.","description_kind":"plain","optional":true}},"description_kind":"plain"}}},"description_kind":"plain"}},"resource_schemas":{"vault_alicloud_auth_backend_role":{"version":0,"block":{"attributes":{"arn":{"type":"string","description":"The role's arn.","description_kind":"plain","required":true},"backend":{"type":"string","description":"Auth backend.","description_kind":"plain","optional":true},"id":{"type":"string","description_kind":"plain","optional":true,"computed":true},"role":{"type":"string","description":"Name of the role. Must correspond with the name of the role reflected in the arn.","description_kind":"plain","required":true},"token_bound_cidrs":{"type":["set","string"],"description":"Specifies the blocks of IP addresses which are allowed to use the generated token","description_kind":"plain","optional":true},"token_explicit_max_ttl":{"type":"number","description":"Generated Token's Explicit Maximum TTL in seconds","description_kind":"plain","optional":true},"token_max_ttl":{"type":"number","description":"The maximum lifetime of the generated token","description_kind":"plain","optional":true},"token_no_default_policy":{"type":"bool","description":"If true, the 'default' policy will not automatically be added to generated tokens","description_kind":"plain","optional":true},"token_num_uses":{"type":"number","description":"The maximum number of times a token may be used, a value of zero means unlimited","description_kind":"plain","optional":true},"token_period":{"type":"number","description":"Generated Token's Period","description_kind":"plain","optional":true},"token_policies":{"type":["set","string"],"description":"Generated Token's Policies","description_kind":"plain","optional":true},"token_ttl":{"type":"number","description":"The initial ttl of the token to generate in seconds","description_kind":"plain","optional":true},"token_type":{"type":"string","description":"The type of token to generate, service or batch","description_kind":"plain","optional":true}},"description_kind":"plain"}},"vault_approle_auth_backend_login":{"version":0,"block":{"attributes":{"accessor":{"type":"string","description":"The accessor for the token.","description_kind":"plain","computed":true},"backend":{"type":"string","description":"Unique name of the auth backend to configure.","description_kind":"plain","optional":true},"client_token":{"type":"string","description":"The token.","description_kind":"plain","computed":true},"id":{"type":"string","description_kind":"plain","optional":true,"computed":true},"lease_duration":{"type":"number","description":"How long the token is valid for.","description_kind":"plain","computed":true},"lease_started":{"type":"string","description":"The timestamp the lease started on, as determined by the machine running Terraform.","description_kind":"plain","computed":true},"metadata":{"type":["map","string"],"description":"Metadata associated with the token.","description_kind":"plain","computed":true},"policies":{"type":["list","string"],"description":"Policies set on the token.","description_kind":"plain","computed":true},"renewable":{"type":"bool","description":"Whether the token is renewable or not.","description_kind":"plain","computed":true},"role_id":{"type":"string","description":"The RoleID to log in with.","description_kind":"plain","required":true},"secret_id":{"type":"string","description":"The SecretID to log in with.","description_kind":"plain","optional":true}},"description_kind":"plain"}},"vault_approle_auth_backend_role":{"version":0,"block":{"attributes":{"backend":{"type":"string","description":"Unique name of the auth backend to configure.","description_kind":"plain","optional":true},"bind_secret_id":{"type":"bool","description":"Whether or not to require secret_id to be present when logging in using this AppRole.","description_kind":"plain","optional":true},"bound_cidr_list":{"type":["set","string"],"description":"List of CIDR blocks that can log in using the AppRole.","description_kind":"plain","optional":true},"id":{"type":"string","description_kind":"plain","optional":true,"computed":true},"period":{"type":"number","description":"Number of seconds to set the TTL to for issued tokens upon renewal. Makes the token a periodic token, which will never expire as long as it is renewed before the TTL each period.","description_kind":"plain","optional":true},"policies":{"type":["set","string"],"description":"Policies to be set on tokens issued using this AppRole.","description_kind":"plain","optional":true},"role_id":{"type":"string","description":"The RoleID of the role. Autogenerated if not set.","description_kind":"plain","optional":true,"computed":true},"role_name":{"type":"string","description":"Name of the role.","description_kind":"plain","required":true},"secret_id_bound_cidrs":{"type":["set","string"],"description":"List of CIDR blocks that can log in using the AppRole.","description_kind":"plain","optional":true},"secret_id_num_uses":{"type":"number","description":"Number of times which a particular SecretID can be used to fetch a token from this AppRole, after which the SecretID will expire. Leaving this unset or setting it to 0 will allow unlimited uses.","description_kind":"plain","optional":true},"secret_id_ttl":{"type":"number","description":"Number of seconds a SecretID remains valid for.","description_kind":"plain","optional":true},"token_bound_cidrs":{"type":["set","string"],"description":"Specifies the blocks of IP addresses which are allowed to use the generated token","description_kind":"plain","optional":true},"token_explicit_max_ttl":{"type":"number","description":"Generated Token's Explicit Maximum TTL in seconds","description_kind":"plain","optional":true},"token_max_ttl":{"type":"number","description":"The maximum lifetime of the generated token","description_kind":"plain","optional":true},"token_no_default_policy":{"type":"bool","description":"If true, the 'default' policy will not automatically be added to generated tokens","description_kind":"plain","optional":true},"token_num_uses":{"type":"number","description":"The maximum number of times a token may be used, a value of zero means unlimited","description_kind":"plain","optional":true},"token_period":{"type":"number","description":"Generated Token's Period","description_kind":"plain","optional":true},"token_policies":{"type":["set","string"],"description":"Generated Token's Policies","description_kind":"plain","optional":true},"token_ttl":{"type":"number","description":"The initial ttl of the token to generate in seconds","description_kind":"plain","optional":true},"token_type":{"type":"string","description":"The type of token to generate, service or batch","description_kind":"plain","optional":true}},"description_kind":"plain"}},"vault_approle_auth_backend_role_secret_id":{"version":0,"block":{"attributes":{"accessor":{"type":"string","description":"The unique ID used to access this SecretID.","description_kind":"plain","computed":true},"backend":{"type":"string","description":"Unique name of the auth backend to configure.","description_kind":"plain","optional":true},"cidr_list":{"type":["set","string"],"description":"List of CIDR blocks that can log in using the SecretID.","description_kind":"plain","optional":true},"id":{"type":"string","description_kind":"plain","optional":true,"computed":true},"metadata":{"type":"string","description":"JSON-encoded secret data to write.","description_kind":"plain","optional":true},"role_name":{"type":"string","description":"Name of the role.","description_kind":"plain","required":true},"secret_id":{"type":"string","description":"The SecretID to be managed. If not specified, Vault auto-generates one.","description_kind":"plain","optional":true,"computed":true,"sensitive":true},"wrapping_accessor":{"type":"string","description":"The wrapped SecretID accessor.","description_kind":"plain","computed":true},"wrapping_token":{"type":"string","description":"The wrapped SecretID token.","description_kind":"plain","computed":true,"sensitive":true},"wrapping_ttl":{"type":"string","description":"The TTL duration of the wrapped SecretID.","description_kind":"plain","optional":true}},"description_kind":"plain"}},"vault_audit":{"version":0,"block":{"attributes":{"description":{"type":"string","description":"Human-friendly description of the audit device","description_kind":"plain","optional":true},"id":{"type":"string","description_kind":"plain","optional":true,"computed":true},"options":{"type":["map","string"],"description":"Configuration options to pass to the audit device itself","description_kind":"plain","required":true},"path":{"type":"string","description":"Path in which to enable the audit device","description_kind":"plain","optional":true,"computed":true},"type":{"type":"string","description":"Type of the audit device, such as 'file'","description_kind":"plain","required":true}},"description_kind":"plain"}},"vault_auth_backend":{"version":1,"block":{"attributes":{"accessor":{"type":"string","description":"The accessor of the auth backend","description_kind":"plain","computed":true},"default_lease_ttl_seconds":{"type":"number","description":"Default lease duration in seconds","description_kind":"plain","optional":true,"computed":true},"description":{"type":"string","description":"The description of the auth backend","description_kind":"plain","optional":true},"id":{"type":"string","description_kind":"plain","optional":true,"computed":true},"listing_visibility":{"type":"string","description":"Specifies whether to show this mount in the UI-specific listing endpoint","description_kind":"plain","optional":true,"computed":true},"local":{"type":"bool","description":"Specifies if the auth method is local only","description_kind":"plain","optional":true},"max_lease_ttl_seconds":{"type":"number","description":"Maximum possible lease duration in seconds","description_kind":"plain","optional":true,"computed":true},"path":{"type":"string","description":"path to mount the backend. This defaults to the type.","description_kind":"plain","optional":true,"computed":true},"tune":{"type":["set",["object",{"allowed_response_headers":["list","string"],"audit_non_hmac_request_keys":["list","string"],"audit_non_hmac_response_keys":["list","string"],"default_lease_ttl":"string","listing_visibility":"string","max_lease_ttl":"string","passthrough_request_headers":["list","string"],"token_type":"string"}]],"description_kind":"plain","optional":true,"computed":true},"type":{"type":"string","description":"Name of the auth backend","description_kind":"plain","required":true}},"description_kind":"plain"}},"vault_aws_auth_backend_cert":{"version":0,"block":{"attributes":{"aws_public_cert":{"type":"string","description":"Base64 encoded AWS Public key required to verify PKCS7 signature of the EC2 instance metadata.","description_kind":"plain","required":true},"backend":{"type":"string","description":"Unique name of the auth backend to configure.","description_kind":"plain","optional":true},"cert_name":{"type":"string","description":"Name of the certificate to configure.","description_kind":"plain","required":true},"id":{"type":"string","description_kind":"plain","optional":true,"computed":true},"type":{"type":"string","description":"The type of document that can be verified using the certificate. Must be either \"pkcs7\" or \"identity\".","description_kind":"plain","optional":true}},"description_kind":"plain"}},"vault_aws_auth_backend_client":{"version":0,"block":{"attributes":{"access_key":{"type":"string","description":"AWS Access key with permissions to query AWS APIs.","description_kind":"plain","optional":true,"sensitive":true},"backend":{"type":"string","description":"Unique name of the auth backend to configure.","description_kind":"plain","optional":true},"ec2_endpoint":{"type":"string","description":"URL to override the default generated endpoint for making AWS EC2 API calls.","description_kind":"plain","optional":true},"iam_endpoint":{"type":"string","description":"URL to override the default generated endpoint for making AWS IAM API calls.","description_kind":"plain","optional":true},"iam_server_id_header_value":{"type":"string","description":"The value to require in the X-Vault-AWS-IAM-Server-ID header as part of GetCallerIdentity requests that are used in the iam auth method.","description_kind":"plain","optional":true},"id":{"type":"string","description_kind":"plain","optional":true,"computed":true},"secret_key":{"type":"string","description":"AWS Secret key with permissions to query AWS APIs.","description_kind":"plain","optional":true,"sensitive":true},"sts_endpoint":{"type":"string","description":"URL to override the default generated endpoint for making AWS STS API calls.","description_kind":"plain","optional":true}},"description_kind":"plain"}},"vault_aws_auth_backend_identity_whitelist":{"version":0,"block":{"attributes":{"backend":{"type":"string","description":"Unique name of the auth backend to configure.","description_kind":"plain","optional":true},"disable_periodic_tidy":{"type":"bool","description":"If true, disables the periodic tidying of the identiy whitelist entries.","description_kind":"plain","optional":true},"id":{"type":"string","description_kind":"plain","optional":true,"computed":true},"safety_buffer":{"type":"number","description":"The amount of extra time that must have passed beyond the roletag expiration, before it's removed from backend storage.","description_kind":"plain","optional":true}},"description_kind":"plain"}},"vault_aws_auth_backend_login":{"version":0,"block":{"attributes":{"accessor":{"type":"string","description":"The accessor returned from Vault for this token.","description_kind":"plain","computed":true},"auth_type":{"type":"string","description":"The auth method used to generate this token.","description_kind":"plain","computed":true},"backend":{"type":"string","description":"AWS Auth Backend to read the token from.","description_kind":"plain","optional":true},"client_token":{"type":"string","description":"The token returned by Vault.","description_kind":"plain","computed":true,"sensitive":true},"iam_http_request_method":{"type":"string","description":"The HTTP method used in the signed request.","description_kind":"plain","optional":true},"iam_request_body":{"type":"string","description":"The Base64-encoded body of the signed request.","description_kind":"plain","optional":true},"iam_request_headers":{"type":"string","description":"The Base64-encoded, JSON serialized representation of the sts:GetCallerIdentity HTTP request headers.","description_kind":"plain","optional":true},"iam_request_url":{"type":"string","description":"The Base64-encoded HTTP URL used in the signed request.","description_kind":"plain","optional":true},"id":{"type":"string","description_kind":"plain","optional":true,"computed":true},"identity":{"type":"string","description":"Base64-encoded EC2 instance identity document to authenticate with.","description_kind":"plain","optional":true},"lease_duration":{"type":"number","description":"Lease duration in seconds relative to the time in lease_start_time.","description_kind":"plain","computed":true},"lease_start_time":{"type":"string","description":"Time at which the lease was read, using the clock of the system where Terraform was running","description_kind":"plain","computed":true},"metadata":{"type":["map","string"],"description":"The metadata reported by the Vault server.","description_kind":"plain","computed":true},"nonce":{"type":"string","description":"The nonce to be used for subsequent login requests.","description_kind":"plain","optional":true,"computed":true},"pkcs7":{"type":"string","description":"PKCS7 signature of the identity document to authenticate with, with all newline characters removed.","description_kind":"plain","optional":true},"policies":{"type":["list","string"],"description":"The policies assigned to this token.","description_kind":"plain","computed":true},"renewable":{"type":"bool","description":"True if the duration of this lease can be extended through renewal.","description_kind":"plain","computed":true},"role":{"type":"string","description":"AWS Auth Role to read the token from.","description_kind":"plain","optional":true,"computed":true},"signature":{"type":"string","description":"Base64-encoded SHA256 RSA signature of the instance identtiy document to authenticate with.","description_kind":"plain","optional":true}},"description_kind":"plain"}},"vault_aws_auth_backend_role":{"version":0,"block":{"attributes":{"allow_instance_migration":{"type":"bool","description":"When true, allows migration of the underlying instance where the client resides. Use with caution.","description_kind":"plain","optional":true},"auth_type":{"type":"string","description":"The auth type permitted for this role.","description_kind":"plain","optional":true},"backend":{"type":"string","description":"Unique name of the auth backend to configure.","description_kind":"plain","optional":true},"bound_account_id":{"type":"string","description":"Only EC2 instances with this account ID in their identity document will be permitted to log in.","description_kind":"plain","optional":true},"bound_account_ids":{"type":["set","string"],"description":"Only EC2 instances with this account ID in their identity document will be permitted to log in.","description_kind":"plain","optional":true},"bound_ami_id":{"type":"string","description":"Only EC2 instances using this AMI ID will be permitted to log in.","description_kind":"plain","optional":true},"bound_ami_ids":{"type":["set","string"],"description":"Only EC2 instances using this AMI ID will be permitted to log in.","description_kind":"plain","optional":true},"bound_ec2_instance_id":{"type":["set","string"],"description":"Only EC2 instances that match this instance ID will be permitted to log in.","description_kind":"plain","optional":true},"bound_ec2_instance_ids":{"type":["set","string"],"description":"Only EC2 instances that match this instance ID will be permitted to log in.","description_kind":"plain","optional":true},"bound_iam_instance_profile_arn":{"type":"string","description":"Only EC2 instances associated with an IAM instance profile ARN that matches this value will be permitted to log in.","description_kind":"plain","optional":true},"bound_iam_instance_profile_arns":{"type":["set","string"],"description":"Only EC2 instances associated with an IAM instance profile ARN that matches this value will be permitted to log in.","description_kind":"plain","optional":true},"bound_iam_principal_arn":{"type":"string","description":"The IAM principal that must be authenticated using the iam auth method.","description_kind":"plain","optional":true},"bound_iam_principal_arns":{"type":["set","string"],"description":"The IAM principal that must be authenticated using the iam auth method.","description_kind":"plain","optional":true},"bound_iam_role_arn":{"type":"string","description":"Only EC2 instances that match this IAM role ARN will be permitted to log in.","description_kind":"plain","optional":true},"bound_iam_role_arns":{"type":["set","string"],"description":"Only EC2 instances that match this IAM role ARN will be permitted to log in.","description_kind":"plain","optional":true},"bound_region":{"type":"string","description":"Only EC2 instances in this region will be permitted to log in.","description_kind":"plain","optional":true},"bound_regions":{"type":["set","string"],"description":"Only EC2 instances in this region will be permitted to log in.","description_kind":"plain","optional":true},"bound_subnet_id":{"type":"string","description":"Only EC2 instances associated with this subnet ID will be permitted to log in.","description_kind":"plain","optional":true},"bound_subnet_ids":{"type":["set","string"],"description":"Only EC2 instances associated with this subnet ID will be permitted to log in.","description_kind":"plain","optional":true},"bound_vpc_id":{"type":"string","description":"Only EC2 instances associated with this VPC ID will be permitted to log in.","description_kind":"plain","optional":true},"bound_vpc_ids":{"type":["set","string"],"description":"Only EC2 instances associated with this VPC ID will be permitted to log in.","description_kind":"plain","optional":true},"disallow_reauthentication":{"type":"bool","description":"When true, only allows a single token to be granted per instance ID.","description_kind":"plain","optional":true},"id":{"type":"string","description_kind":"plain","optional":true,"computed":true},"inferred_aws_region":{"type":"string","description":"The region to search for the inferred entities in.","description_kind":"plain","optional":true},"inferred_entity_type":{"type":"string","description":"The type of inferencing Vault should do.","description_kind":"plain","optional":true},"max_ttl":{"type":"number","description":"The maximum allowed lifetime of tokens issued using this role, provided as the number of seconds.","description_kind":"plain","optional":true},"period":{"type":"number","description":"If set, indicates that the token generated using this role should never expire. The token should be renewed within the duration specified by this value. At each renewal, the token's TTL will be set to the value of this field. The maximum allowed lifetime of token issued using this role. Specified as a number of seconds.","description_kind":"plain","optional":true},"policies":{"type":["set","string"],"description":"Policies to be set on tokens issued using this role.","description_kind":"plain","optional":true},"resolve_aws_unique_ids":{"type":"bool","description":"Whether or not Vault should resolve the bound_iam_principal_arn to an AWS Unique ID. When true, deleting a principal and recreating it with the same name won't automatically grant the new principal the same roles in Vault that the old principal had.","description_kind":"plain","optional":true},"role":{"type":"string","description":"Name of the role.","description_kind":"plain","required":true},"role_tag":{"type":"string","description":"The key of the tag on EC2 instance to use for role tags.","description_kind":"plain","optional":true},"token_bound_cidrs":{"type":["set","string"],"description":"Specifies the blocks of IP addresses which are allowed to use the generated token","description_kind":"plain","optional":true},"token_explicit_max_ttl":{"type":"number","description":"Generated Token's Explicit Maximum TTL in seconds","description_kind":"plain","optional":true},"token_max_ttl":{"type":"number","description":"The maximum lifetime of the generated token","description_kind":"plain","optional":true},"token_no_default_policy":{"type":"bool","description":"If true, the 'default' policy will not automatically be added to generated tokens","description_kind":"plain","optional":true},"token_num_uses":{"type":"number","description":"The maximum number of times a token may be used, a value of zero means unlimited","description_kind":"plain","optional":true},"token_period":{"type":"number","description":"Generated Token's Period","description_kind":"plain","optional":true},"token_policies":{"type":["set","string"],"description":"Generated Token's Policies","description_kind":"plain","optional":true},"token_ttl":{"type":"number","description":"The initial ttl of the token to generate in seconds","description_kind":"plain","optional":true},"token_type":{"type":"string","description":"The type of token to generate, service or batch","description_kind":"plain","optional":true},"ttl":{"type":"number","description":"The TTL period of tokens issued using this role, provided as the number of seconds.","description_kind":"plain","optional":true}},"description_kind":"plain"}},"vault_aws_auth_backend_role_tag":{"version":0,"block":{"attributes":{"allow_instance_migration":{"type":"bool","description":"Allows migration of the underlying instance where the client resides.","description_kind":"plain","optional":true},"backend":{"type":"string","description":"AWS auth backend to read tags from.","description_kind":"plain","optional":true},"disallow_reauthentication":{"type":"bool","description":"Only allow a single token to be granted per instance ID.","description_kind":"plain","optional":true},"id":{"type":"string","description_kind":"plain","optional":true,"computed":true},"instance_id":{"type":"string","description":"Instance ID for which this tag is intended. The created tag can only be used by the instance with the given ID.","description_kind":"plain","optional":true},"max_ttl":{"type":"string","description":"The maximum allowed lifetime of tokens issued using this role.","description_kind":"plain","optional":true},"policies":{"type":["set","string"],"description":"Policies to be associated with the tag.","description_kind":"plain","optional":true},"role":{"type":"string","description":"Name of the role.","description_kind":"plain","required":true},"tag_key":{"type":"string","description_kind":"plain","computed":true},"tag_value":{"type":"string","description_kind":"plain","computed":true}},"description_kind":"plain"}},"vault_aws_auth_backend_roletag_blacklist":{"version":0,"block":{"attributes":{"backend":{"type":"string","description":"Unique name of the auth backend to configure.","description_kind":"plain","required":true},"disable_periodic_tidy":{"type":"bool","description":"If true, disables the periodic tidying of the roletag blacklist entries.","description_kind":"plain","optional":true},"id":{"type":"string","description_kind":"plain","optional":true,"computed":true},"safety_buffer":{"type":"number","description":"The amount of extra time that must have passed beyond the roletag expiration, before it's removed from backend storage.","description_kind":"plain","optional":true}},"description_kind":"plain"}},"vault_aws_auth_backend_sts_role":{"version":0,"block":{"attributes":{"account_id":{"type":"string","description":"AWS account ID to be associated with STS role.","description_kind":"plain","required":true},"backend":{"type":"string","description":"Unique name of the auth backend to configure.","description_kind":"plain","optional":true},"id":{"type":"string","description_kind":"plain","optional":true,"computed":true},"sts_role":{"type":"string","description":"AWS ARN for STS role to be assumed when interacting with the account specified.","description_kind":"plain","required":true}},"description_kind":"plain"}},"vault_aws_secret_backend":{"version":0,"block":{"attributes":{"access_key":{"type":"string","description":"The AWS Access Key ID to use when generating new credentials.","description_kind":"plain","optional":true,"sensitive":true},"default_lease_ttl_seconds":{"type":"number","description":"Default lease duration for secrets in seconds","description_kind":"plain","optional":true,"computed":true},"description":{"type":"string","description":"Human-friendly description of the mount for the backend.","description_kind":"plain","optional":true},"id":{"type":"string","description_kind":"plain","optional":true,"computed":true},"max_lease_ttl_seconds":{"type":"number","description":"Maximum possible lease duration for secrets in seconds","description_kind":"plain","optional":true,"computed":true},"path":{"type":"string","description":"Path to mount the backend at.","description_kind":"plain","optional":true},"region":{"type":"string","description":"The AWS region to make API calls against. Defaults to us-east-1.","description_kind":"plain","optional":true,"computed":true},"secret_key":{"type":"string","description":"The AWS Secret Access Key to use when generating new credentials.","description_kind":"plain","optional":true,"sensitive":true}},"description_kind":"plain"}},"vault_aws_secret_backend_role":{"version":0,"block":{"attributes":{"backend":{"type":"string","description":"The path of the AWS Secret Backend the role belongs to.","description_kind":"plain","required":true},"credential_type":{"type":"string","description":"Role credential type.","description_kind":"plain","required":true},"default_sts_ttl":{"type":"number","description":"The default TTL in seconds for STS credentials. When a TTL is not specified when STS credentials are requested, and a default TTL is specified on the role, then this default TTL will be used. Valid only when credential_type is one of assumed_role or federation_token.","description_kind":"plain","optional":true,"computed":true},"id":{"type":"string","description_kind":"plain","optional":true,"computed":true},"max_sts_ttl":{"type":"number","description":"The max allowed TTL in seconds for STS credentials (credentials TTL are capped to max_sts_ttl). Valid only when credential_type is one of assumed_role or federation_token.","description_kind":"plain","optional":true,"computed":true},"name":{"type":"string","description":"Unique name for the role.","description_kind":"plain","required":true},"policy":{"type":"string","description":"IAM policy the role should use in JSON format.","description_kind":"plain","optional":true},"policy_arn":{"type":"string","description":"ARN for an existing IAM policy the role should use.","description_kind":"plain","optional":true},"policy_arns":{"type":["set","string"],"description":"ARN for an existing IAM policy the role should use.","description_kind":"plain","optional":true},"policy_document":{"type":"string","description":"IAM policy the role should use in JSON format.","description_kind":"plain","optional":true},"role_arns":{"type":["set","string"],"description":"ARNs of AWS roles allowed to be assumed. Only valid when credential_type is 'assumed_role'","description_kind":"plain","optional":true}},"description_kind":"plain"}},"vault_azure_auth_backend_config":{"version":0,"block":{"attributes":{"backend":{"type":"string","description":"Unique name of the auth backend to configure.","description_kind":"plain","optional":true},"client_id":{"type":"string","description":"The client id for credentials to query the Azure APIs. Currently read permissions to query compute resources are required.","description_kind":"plain","optional":true,"sensitive":true},"client_secret":{"type":"string","description":"The client secret for credentials to query the Azure APIs","description_kind":"plain","optional":true,"sensitive":true},"environment":{"type":"string","description":"The Azure cloud environment. Valid values: AzurePublicCloud, AzureUSGovernmentCloud, AzureChinaCloud, AzureGermanCloud.","description_kind":"plain","optional":true},"id":{"type":"string","description_kind":"plain","optional":true,"computed":true},"resource":{"type":"string","description":"The configured URL for the application registered in Azure Active Directory.","description_kind":"plain","required":true},"tenant_id":{"type":"string","description":"The tenant id for the Azure Active Directory organization.","description_kind":"plain","required":true,"sensitive":true}},"description_kind":"plain"}},"vault_azure_auth_backend_role":{"version":0,"block":{"attributes":{"backend":{"type":"string","description":"Unique name of the auth backend to configure.","description_kind":"plain","optional":true},"bound_group_ids":{"type":["list","string"],"description":"The list of group ids that login is restricted to.","description_kind":"plain","optional":true},"bound_locations":{"type":["list","string"],"description":"The list of locations that login is restricted to.","description_kind":"plain","optional":true},"bound_resource_groups":{"type":["list","string"],"description":"The list of resource groups that login is restricted to.","description_kind":"plain","optional":true},"bound_scale_sets":{"type":["list","string"],"description":"The list of scale set names that the login is restricted to.","description_kind":"plain","optional":true},"bound_service_principal_ids":{"type":["list","string"],"description":"The list of Service Principal IDs that login is restricted to.","description_kind":"plain","optional":true},"bound_subscription_ids":{"type":["list","string"],"description":"The list of subscription IDs that login is restricted to.","description_kind":"plain","optional":true},"id":{"type":"string","description_kind":"plain","optional":true,"computed":true},"max_ttl":{"type":"number","description":"The maximum allowed lifetime of tokens issued using this role, provided as the number of seconds.","description_kind":"plain","optional":true},"period":{"type":"number","description":"If set, indicates that the token generated using this role should never expire. The token should be renewed within the duration specified by this value. At each renewal, the token's TTL will be set to the value of this field. The maximum allowed lifetime of token issued using this role. Specified as a number of seconds.","description_kind":"plain","optional":true},"policies":{"type":["list","string"],"description":"Policies to be set on tokens issued using this role.","description_kind":"plain","optional":true},"role":{"type":"string","description":"Name of the role.","description_kind":"plain","required":true},"token_bound_cidrs":{"type":["set","string"],"description":"Specifies the blocks of IP addresses which are allowed to use the generated token","description_kind":"plain","optional":true},"token_explicit_max_ttl":{"type":"number","description":"Generated Token's Explicit Maximum TTL in seconds","description_kind":"plain","optional":true},"token_max_ttl":{"type":"number","description":"The maximum lifetime of the generated token","description_kind":"plain","optional":true},"token_no_default_policy":{"type":"bool","description":"If true, the 'default' policy will not automatically be added to generated tokens","description_kind":"plain","optional":true},"token_num_uses":{"type":"number","description":"The maximum number of times a token may be used, a value of zero means unlimited","description_kind":"plain","optional":true},"token_period":{"type":"number","description":"Generated Token's Period","description_kind":"plain","optional":true},"token_policies":{"type":["set","string"],"description":"Generated Token's Policies","description_kind":"plain","optional":true},"token_ttl":{"type":"number","description":"The initial ttl of the token to generate in seconds","description_kind":"plain","optional":true},"token_type":{"type":"string","description":"The type of token to generate, service or batch","description_kind":"plain","optional":true},"ttl":{"type":"number","description":"The TTL period of tokens issued using this role, provided as the number of seconds.","description_kind":"plain","optional":true}},"description_kind":"plain"}},"vault_azure_secret_backend":{"version":0,"block":{"attributes":{"client_id":{"type":"string","description":"The client id for credentials to query the Azure APIs. Currently read permissions to query compute resources are required.","description_kind":"plain","optional":true,"sensitive":true},"client_secret":{"type":"string","description":"The client secret for credentials to query the Azure APIs","description_kind":"plain","optional":true,"sensitive":true},"description":{"type":"string","description":"Human-friendly description of the mount for the backend.","description_kind":"plain","optional":true},"environment":{"type":"string","description":"The Azure cloud environment. Valid values: AzurePublicCloud, AzureUSGovernmentCloud, AzureChinaCloud, AzureGermanCloud.","description_kind":"plain","optional":true},"id":{"type":"string","description_kind":"plain","optional":true,"computed":true},"path":{"type":"string","description":"Path to mount the backend at.","description_kind":"plain","optional":true},"subscription_id":{"type":"string","description":"The subscription id for the Azure Active Directory.","description_kind":"plain","required":true,"sensitive":true},"tenant_id":{"type":"string","description":"The tenant id for the Azure Active Directory organization.","description_kind":"plain","required":true,"sensitive":true}},"description_kind":"plain"}},"vault_azure_secret_backend_role":{"version":0,"block":{"attributes":{"application_object_id":{"type":"string","description":"Application Object ID for an existing service principal that will be used instead of creating dynamic service principals.","description_kind":"plain","optional":true},"backend":{"type":"string","description":"Unique name of the auth backend to configure.","description_kind":"plain","optional":true},"description":{"type":"string","description":"Human-friendly description of the mount for the backend.","description_kind":"plain","optional":true},"id":{"type":"string","description_kind":"plain","optional":true,"computed":true},"max_ttl":{"type":"string","description":"Human-friendly description of the mount for the backend.","description_kind":"plain","optional":true},"role":{"type":"string","description":"Name of the role to create","description_kind":"plain","required":true},"ttl":{"type":"string","description":"Human-friendly description of the mount for the backend.","description_kind":"plain","optional":true}},"block_types":{"azure_roles":{"nesting_mode":"set","block":{"attributes":{"role_id":{"type":"string","description_kind":"plain","computed":true},"role_name":{"type":"string","description_kind":"plain","required":true},"scope":{"type":"string","description_kind":"plain","required":true}},"description_kind":"plain"}}},"description_kind":"plain"}},"vault_cert_auth_backend_role":{"version":1,"block":{"attributes":{"allowed_common_names":{"type":["set","string"],"description_kind":"plain","optional":true,"computed":true},"allowed_dns_sans":{"type":["set","string"],"description_kind":"plain","optional":true,"computed":true},"allowed_email_sans":{"type":["set","string"],"description_kind":"plain","optional":true,"computed":true},"allowed_names":{"type":["set","string"],"description_kind":"plain","optional":true,"computed":true},"allowed_organization_units":{"type":["set","string"],"description_kind":"plain","optional":true,"computed":true},"allowed_uri_sans":{"type":["set","string"],"description_kind":"plain","optional":true,"computed":true},"backend":{"type":"string","description_kind":"plain","optional":true},"bound_cidrs":{"type":["set","string"],"description_kind":"plain","optional":true,"computed":true},"certificate":{"type":"string","description_kind":"plain","required":true},"display_name":{"type":"string","description_kind":"plain","optional":true,"computed":true},"id":{"type":"string","description_kind":"plain","optional":true,"computed":true},"max_ttl":{"type":"string","description_kind":"plain","optional":true,"computed":true},"name":{"type":"string","description_kind":"plain","required":true},"period":{"type":"string","description_kind":"plain","optional":true,"computed":true},"policies":{"type":["set","string"],"description_kind":"plain","optional":true,"computed":true},"required_extensions":{"type":["set","string"],"description_kind":"plain","optional":true,"computed":true},"token_bound_cidrs":{"type":["set","string"],"description":"Specifies the blocks of IP addresses which are allowed to use the generated token","description_kind":"plain","optional":true},"token_explicit_max_ttl":{"type":"number","description":"Generated Token's Explicit Maximum TTL in seconds","description_kind":"plain","optional":true},"token_max_ttl":{"type":"number","description":"The maximum lifetime of the generated token","description_kind":"plain","optional":true},"token_no_default_policy":{"type":"bool","description":"If true, the 'default' policy will not automatically be added to generated tokens","description_kind":"plain","optional":true},"token_num_uses":{"type":"number","description":"The maximum number of times a token may be used, a value of zero means unlimited","description_kind":"plain","optional":true},"token_period":{"type":"number","description":"Generated Token's Period","description_kind":"plain","optional":true},"token_policies":{"type":["set","string"],"description":"Generated Token's Policies","description_kind":"plain","optional":true},"token_ttl":{"type":"number","description":"The initial ttl of the token to generate in seconds","description_kind":"plain","optional":true},"token_type":{"type":"string","description":"The type of token to generate, service or batch","description_kind":"plain","optional":true},"ttl":{"type":"string","description_kind":"plain","optional":true,"computed":true}},"description_kind":"plain"}},"vault_consul_secret_backend":{"version":0,"block":{"attributes":{"address":{"type":"string","description":"Specifies the address of the Consul instance, provided as \"host:port\" like \"127.0.0.1:8500\".","description_kind":"plain","required":true},"default_lease_ttl_seconds":{"type":"number","description":"Default lease duration for secrets in seconds","description_kind":"plain","optional":true},"description":{"type":"string","description":"Human-friendly description of the mount for the backend.","description_kind":"plain","optional":true},"id":{"type":"string","description_kind":"plain","optional":true,"computed":true},"max_lease_ttl_seconds":{"type":"number","description":"Maximum possible lease duration for secrets in seconds","description_kind":"plain","optional":true},"path":{"type":"string","description":"Unique name of the Vault Consul mount to configure","description_kind":"plain","optional":true},"scheme":{"type":"string","description":"Specifies the URL scheme to use. Defaults to \"http\".","description_kind":"plain","optional":true},"token":{"type":"string","description":"Specifies the Consul ACL token to use. This must be a management type token.","description_kind":"plain","required":true,"sensitive":true}},"description_kind":"plain"}},"vault_consul_secret_backend_role":{"version":0,"block":{"attributes":{"backend":{"type":"string","description":"The path of the Consul Secret Backend the role belongs to.","description_kind":"plain","optional":true},"id":{"type":"string","description_kind":"plain","optional":true,"computed":true},"local":{"type":"bool","description":"Indicates that the token should not be replicated globally and instead be local to the current datacenter.","description_kind":"plain","optional":true},"max_ttl":{"type":"number","description":"Maximum TTL for leases associated with this role, in seconds.","description_kind":"plain","optional":true},"name":{"type":"string","description":"The name of an existing role against which to create this Consul credential","description_kind":"plain","required":true},"path":{"type":"string","description":"The path of the Consul Secret Backend the role belongs to.","description_kind":"plain","optional":true},"policies":{"type":["list","string"],"description":"List of Consul policies to associate with this role","description_kind":"plain","required":true},"token_type":{"type":"string","description":"Specifies the type of token to create when using this role. Valid values are \"client\" or \"management\".","description_kind":"plain","optional":true},"ttl":{"type":"number","description":"Specifies the TTL for this role.","description_kind":"plain","optional":true}},"description_kind":"plain"}},"vault_database_secret_backend_connection":{"version":0,"block":{"attributes":{"allowed_roles":{"type":["list","string"],"description":"A list of roles that are allowed to use this connection.","description_kind":"plain","optional":true},"backend":{"type":"string","description":"Unique name of the Vault mount to configure.","description_kind":"plain","required":true},"data":{"type":["map","string"],"description":"A map of sensitive data to pass to the endpoint. Useful for templated connection strings.","description_kind":"plain","optional":true,"sensitive":true},"id":{"type":"string","description_kind":"plain","optional":true,"computed":true},"name":{"type":"string","description":"Name of the database connection.","description_kind":"plain","required":true},"root_rotation_statements":{"type":["list","string"],"description":"A list of database statements to be executed to rotate the root user's credentials.","description_kind":"plain","optional":true},"verify_connection":{"type":"bool","description":"Specifies if the connection is verified during initial configuration.","description_kind":"plain","optional":true}},"block_types":{"cassandra":{"nesting_mode":"list","block":{"attributes":{"connect_timeout":{"type":"number","description":"The number of seconds to use as a connection timeout.","description_kind":"plain","optional":true},"hosts":{"type":["list","string"],"description":"Cassandra hosts to connect to.","description_kind":"plain","optional":true},"insecure_tls":{"type":"bool","description":"Whether to skip verification of the server certificate when using TLS.","description_kind":"plain","optional":true},"password":{"type":"string","description":"The password to use when authenticating with Cassandra.","description_kind":"plain","optional":true,"sensitive":true},"pem_bundle":{"type":"string","description":"Concatenated PEM blocks containing a certificate and private key; a certificate, private key, and issuing CA certificate; or just a CA certificate.","description_kind":"plain","optional":true,"sensitive":true},"pem_json":{"type":"string","description":"Specifies JSON containing a certificate and private key; a certificate, private key, and issuing CA certificate; or just a CA certificate.","description_kind":"plain","optional":true,"sensitive":true},"port":{"type":"number","description":"The transport port to use to connect to Cassandra.","description_kind":"plain","optional":true},"protocol_version":{"type":"number","description":"The CQL protocol version to use.","description_kind":"plain","optional":true},"tls":{"type":"bool","description":"Whether to use TLS when connecting to Cassandra.","description_kind":"plain","optional":true},"username":{"type":"string","description":"The username to use when authenticating with Cassandra.","description_kind":"plain","optional":true}},"description_kind":"plain"},"max_items":1},"elasticsearch":{"nesting_mode":"list","block":{"attributes":{"password":{"type":"string","description":"The password to be used in the connection URL","description_kind":"plain","required":true,"sensitive":true},"url":{"type":"string","description":"The URL for Elasticsearch's API","description_kind":"plain","required":true},"username":{"type":"string","description":"The username to be used in the connection URL","description_kind":"plain","required":true}},"description_kind":"plain"},"max_items":1},"hana":{"nesting_mode":"list","block":{"attributes":{"connection_url":{"type":"string","description":"Connection string to use to connect to the database.","description_kind":"plain","optional":true},"max_connection_lifetime":{"type":"number","description":"Maximum number of seconds a connection may be reused.","description_kind":"plain","optional":true},"max_idle_connections":{"type":"number","description":"Maximum number of idle connections to the database.","description_kind":"plain","optional":true},"max_open_connections":{"type":"number","description":"Maximum number of open connections to the database.","description_kind":"plain","optional":true}},"description_kind":"plain"},"max_items":1},"mongodb":{"nesting_mode":"list","block":{"attributes":{"connection_url":{"type":"string","description":"Connection string to use to connect to the database.","description_kind":"plain","optional":true},"max_connection_lifetime":{"type":"number","description":"Maximum number of seconds a connection may be reused.","description_kind":"plain","optional":true},"max_idle_connections":{"type":"number","description":"Maximum number of idle connections to the database.","description_kind":"plain","optional":true},"max_open_connections":{"type":"number","description":"Maximum number of open connections to the database.","description_kind":"plain","optional":true}},"description_kind":"plain"},"max_items":1},"mssql":{"nesting_mode":"list","block":{"attributes":{"connection_url":{"type":"string","description":"Connection string to use to connect to the database.","description_kind":"plain","optional":true},"max_connection_lifetime":{"type":"number","description":"Maximum number of seconds a connection may be reused.","description_kind":"plain","optional":true},"max_idle_connections":{"type":"number","description":"Maximum number of idle connections to the database.","description_kind":"plain","optional":true},"max_open_connections":{"type":"number","description":"Maximum number of open connections to the database.","description_kind":"plain","optional":true}},"description_kind":"plain"},"max_items":1},"mysql":{"nesting_mode":"list","block":{"attributes":{"connection_url":{"type":"string","description":"Connection string to use to connect to the database.","description_kind":"plain","optional":true},"max_connection_lifetime":{"type":"number","description":"Maximum number of seconds a connection may be reused.","description_kind":"plain","optional":true},"max_idle_connections":{"type":"number","description":"Maximum number of idle connections to the database.","description_kind":"plain","optional":true},"max_open_connections":{"type":"number","description":"Maximum number of open connections to the database.","description_kind":"plain","optional":true}},"description_kind":"plain"},"max_items":1},"mysql_aurora":{"nesting_mode":"list","block":{"attributes":{"connection_url":{"type":"string","description":"Connection string to use to connect to the database.","description_kind":"plain","optional":true},"max_connection_lifetime":{"type":"number","description":"Maximum number of seconds a connection may be reused.","description_kind":"plain","optional":true},"max_idle_connections":{"type":"number","description":"Maximum number of idle connections to the database.","description_kind":"plain","optional":true},"max_open_connections":{"type":"number","description":"Maximum number of open connections to the database.","description_kind":"plain","optional":true}},"description_kind":"plain"},"max_items":1},"mysql_legacy":{"nesting_mode":"list","block":{"attributes":{"connection_url":{"type":"string","description":"Connection string to use to connect to the database.","description_kind":"plain","optional":true},"max_connection_lifetime":{"type":"number","description":"Maximum number of seconds a connection may be reused.","description_kind":"plain","optional":true},"max_idle_connections":{"type":"number","description":"Maximum number of idle connections to the database.","description_kind":"plain","optional":true},"max_open_connections":{"type":"number","description":"Maximum number of open connections to the database.","description_kind":"plain","optional":true}},"description_kind":"plain"},"max_items":1},"mysql_rds":{"nesting_mode":"list","block":{"attributes":{"connection_url":{"type":"string","description":"Connection string to use to connect to the database.","description_kind":"plain","optional":true},"max_connection_lifetime":{"type":"number","description":"Maximum number of seconds a connection may be reused.","description_kind":"plain","optional":true},"max_idle_connections":{"type":"number","description":"Maximum number of idle connections to the database.","description_kind":"plain","optional":true},"max_open_connections":{"type":"number","description":"Maximum number of open connections to the database.","description_kind":"plain","optional":true}},"description_kind":"plain"},"max_items":1},"oracle":{"nesting_mode":"list","block":{"attributes":{"connection_url":{"type":"string","description":"Connection string to use to connect to the database.","description_kind":"plain","optional":true},"max_connection_lifetime":{"type":"number","description":"Maximum number of seconds a connection may be reused.","description_kind":"plain","optional":true},"max_idle_connections":{"type":"number","description":"Maximum number of idle connections to the database.","description_kind":"plain","optional":true},"max_open_connections":{"type":"number","description":"Maximum number of open connections to the database.","description_kind":"plain","optional":true}},"description_kind":"plain"},"max_items":1},"postgresql":{"nesting_mode":"list","block":{"attributes":{"connection_url":{"type":"string","description":"Connection string to use to connect to the database.","description_kind":"plain","optional":true},"max_connection_lifetime":{"type":"number","description":"Maximum number of seconds a connection may be reused.","description_kind":"plain","optional":true},"max_idle_connections":{"type":"number","description":"Maximum number of idle connections to the database.","description_kind":"plain","optional":true},"max_open_connections":{"type":"number","description":"Maximum number of open connections to the database.","description_kind":"plain","optional":true}},"description_kind":"plain"},"max_items":1}},"description_kind":"plain"}},"vault_database_secret_backend_role":{"version":0,"block":{"attributes":{"backend":{"type":"string","description":"The path of the Database Secret Backend the role belongs to.","description_kind":"plain","required":true},"creation_statements":{"type":["list","string"],"description":"Database statements to execute to create and configure a user.","description_kind":"plain","required":true},"db_name":{"type":"string","description":"Database connection to use for this role.","description_kind":"plain","required":true},"default_ttl":{"type":"number","description":"Default TTL for leases associated with this role, in seconds.","description_kind":"plain","optional":true},"id":{"type":"string","description_kind":"plain","optional":true,"computed":true},"max_ttl":{"type":"number","description":"Maximum TTL for leases associated with this role, in seconds.","description_kind":"plain","optional":true},"name":{"type":"string","description":"Unique name for the role.","description_kind":"plain","required":true},"renew_statements":{"type":["list","string"],"description":"Database statements to execute to renew a user.","description_kind":"plain","optional":true},"revocation_statements":{"type":["list","string"],"description":"Database statements to execute to revoke a user.","description_kind":"plain","optional":true},"rollback_statements":{"type":["list","string"],"description":"Database statements to execute to rollback a create operation in the event of an error.","description_kind":"plain","optional":true}},"description_kind":"plain"}},"vault_database_secret_backend_static_role":{"version":0,"block":{"attributes":{"backend":{"type":"string","description":"The path of the Database Secret Backend the role belongs to.","description_kind":"plain","required":true},"db_name":{"type":"string","description":"Database connection to use for this role.","description_kind":"plain","required":true},"id":{"type":"string","description_kind":"plain","optional":true,"computed":true},"name":{"type":"string","description":"Unique name for the static role.","description_kind":"plain","required":true},"rotation_period":{"type":"number","description":"The amount of time Vault should wait before rotating the password, in seconds.","description_kind":"plain","required":true},"rotation_statements":{"type":["list","string"],"description":"Database statements to execute to rotate the password for the configured database user.","description_kind":"plain","optional":true},"username":{"type":"string","description":"The database username that this role corresponds to.","description_kind":"plain","required":true}},"description_kind":"plain"}},"vault_egp_policy":{"version":0,"block":{"attributes":{"enforcement_level":{"type":"string","description":"Enforcement level of Sentinel policy. Can be one of: 'advisory', 'soft-mandatory' or 'hard-mandatory'","description_kind":"plain","required":true},"id":{"type":"string","description_kind":"plain","optional":true,"computed":true},"name":{"type":"string","description":"Name of the policy","description_kind":"plain","required":true},"paths":{"type":["list","string"],"description":"List of paths to which the policy will be applied","description_kind":"plain","required":true},"policy":{"type":"string","description":"The policy document","description_kind":"plain","required":true}},"description_kind":"plain"}},"vault_gcp_auth_backend":{"version":0,"block":{"attributes":{"client_email":{"type":"string","description_kind":"plain","optional":true,"computed":true},"client_id":{"type":"string","description_kind":"plain","optional":true,"computed":true},"credentials":{"type":"string","description_kind":"plain","optional":true,"sensitive":true},"description":{"type":"string","description_kind":"plain","optional":true},"id":{"type":"string","description_kind":"plain","optional":true,"computed":true},"path":{"type":"string","description_kind":"plain","optional":true},"private_key_id":{"type":"string","description_kind":"plain","optional":true,"computed":true},"project_id":{"type":"string","description_kind":"plain","optional":true,"computed":true}},"description_kind":"plain"}},"vault_gcp_auth_backend_role":{"version":1,"block":{"attributes":{"add_group_aliases":{"type":"bool","description_kind":"plain","optional":true,"computed":true},"allow_gce_inference":{"type":"bool","description_kind":"plain","optional":true,"computed":true},"backend":{"type":"string","description_kind":"plain","optional":true},"bound_instance_groups":{"type":["set","string"],"description_kind":"plain","optional":true,"computed":true},"bound_labels":{"type":["set","string"],"description_kind":"plain","optional":true,"computed":true},"bound_projects":{"type":["set","string"],"description_kind":"plain","optional":true},"bound_regions":{"type":["set","string"],"description_kind":"plain","optional":true,"computed":true},"bound_service_accounts":{"type":["set","string"],"description_kind":"plain","optional":true,"computed":true},"bound_zones":{"type":["set","string"],"description_kind":"plain","optional":true,"computed":true},"id":{"type":"string","description_kind":"plain","optional":true,"computed":true},"max_jwt_exp":{"type":"string","description_kind":"plain","optional":true,"computed":true},"max_ttl":{"type":"string","description_kind":"plain","optional":true,"computed":true},"period":{"type":"string","description_kind":"plain","optional":true,"computed":true},"policies":{"type":["set","string"],"description_kind":"plain","optional":true,"computed":true},"project_id":{"type":"string","description_kind":"plain","optional":true},"role":{"type":"string","description_kind":"plain","required":true},"token_bound_cidrs":{"type":["set","string"],"description":"Specifies the blocks of IP addresses which are allowed to use the generated token","description_kind":"plain","optional":true},"token_explicit_max_ttl":{"type":"number","description":"Generated Token's Explicit Maximum TTL in seconds","description_kind":"plain","optional":true},"token_max_ttl":{"type":"number","description":"The maximum lifetime of the generated token","description_kind":"plain","optional":true},"token_no_default_policy":{"type":"bool","description":"If true, the 'default' policy will not automatically be added to generated tokens","description_kind":"plain","optional":true},"token_num_uses":{"type":"number","description":"The maximum number of times a token may be used, a value of zero means unlimited","description_kind":"plain","optional":true},"token_period":{"type":"number","description":"Generated Token's Period","description_kind":"plain","optional":true},"token_policies":{"type":["set","string"],"description":"Generated Token's Policies","description_kind":"plain","optional":true},"token_ttl":{"type":"number","description":"The initial ttl of the token to generate in seconds","description_kind":"plain","optional":true},"token_type":{"type":"string","description":"The type of token to generate, service or batch","description_kind":"plain","optional":true},"ttl":{"type":"string","description_kind":"plain","optional":true,"computed":true},"type":{"type":"string","description_kind":"plain","required":true}},"description_kind":"plain"}},"vault_gcp_secret_backend":{"version":0,"block":{"attributes":{"credentials":{"type":"string","description":"JSON-encoded credentials to use to connect to GCP","description_kind":"plain","optional":true,"sensitive":true},"default_lease_ttl_seconds":{"type":"number","description":"Default lease duration for secrets in seconds","description_kind":"plain","optional":true},"description":{"type":"string","description":"Human-friendly description of the mount for the backend.","description_kind":"plain","optional":true},"id":{"type":"string","description_kind":"plain","optional":true,"computed":true},"max_lease_ttl_seconds":{"type":"number","description":"Maximum possible lease duration for secrets in seconds","description_kind":"plain","optional":true},"path":{"type":"string","description":"Path to mount the backend at.","description_kind":"plain","optional":true}},"description_kind":"plain"}},"vault_gcp_secret_roleset":{"version":0,"block":{"attributes":{"backend":{"type":"string","description":"Path where the GCP secrets engine is mounted.","description_kind":"plain","required":true},"id":{"type":"string","description_kind":"plain","optional":true,"computed":true},"project":{"type":"string","description":"Name of the GCP project that this roleset's service account will belong to.","description_kind":"plain","required":true},"roleset":{"type":"string","description":"Name of the RoleSet to create","description_kind":"plain","required":true},"secret_type":{"type":"string","description":"Type of secret generated for this role set. Defaults to `access_token`. Accepted values: `access_token`, `service_account_key`","description_kind":"plain","optional":true,"computed":true},"service_account_email":{"type":"string","description":"Email of the service account created by Vault for this Roleset","description_kind":"plain","computed":true},"token_scopes":{"type":["set","string"],"description":"List of OAuth scopes to assign to `access_token` secrets generated under this role set (`access_token` role sets only) ","description_kind":"plain","optional":true}},"block_types":{"binding":{"nesting_mode":"set","block":{"attributes":{"resource":{"type":"string","description":"Resource name","description_kind":"plain","required":true},"roles":{"type":["set","string"],"description":"List of roles to apply to the resource","description_kind":"plain","required":true}},"description_kind":"plain"},"min_items":1}},"description_kind":"plain"}},"vault_generic_endpoint":{"version":1,"block":{"attributes":{"data_json":{"type":"string","description":"JSON-encoded data to write.","description_kind":"plain","required":true,"sensitive":true},"disable_delete":{"type":"bool","description":"Don't attempt to delete the path from Vault if true","description_kind":"plain","optional":true},"disable_read":{"type":"bool","description":"Don't attempt to read the path from Vault if true; drift won't be detected","description_kind":"plain","optional":true},"id":{"type":"string","description_kind":"plain","optional":true,"computed":true},"ignore_absent_fields":{"type":"bool","description":"When reading, disregard fields not present in data_json","description_kind":"plain","optional":true},"path":{"type":"string","description":"Full path where to the endpoint that will be written","description_kind":"plain","required":true},"write_data":{"type":["map","string"],"description":"Map of strings returned by write operation","description_kind":"plain","computed":true},"write_data_json":{"type":"string","description":"JSON data returned by write operation","description_kind":"plain","computed":true},"write_fields":{"type":["list","string"],"description":"Top-level fields returned by write to persist in state","description_kind":"plain","optional":true}},"description_kind":"plain"}},"vault_generic_secret":{"version":1,"block":{"attributes":{"allow_read":{"type":"bool","description":"Attempt to read the token from Vault if true; if false, drift won't be detected.","description_kind":"plain","optional":true},"data":{"type":["map","string"],"description":"Map of strings read from Vault.","description_kind":"plain","computed":true,"sensitive":true},"data_json":{"type":"string","description":"JSON-encoded secret data to write.","description_kind":"plain","required":true,"sensitive":true},"disable_read":{"type":"bool","description":"Don't attempt to read the token from Vault if true; drift won't be detected.","description_kind":"plain","optional":true},"id":{"type":"string","description_kind":"plain","optional":true,"computed":true},"path":{"type":"string","description":"Full path where the generic secret will be written.","description_kind":"plain","required":true}},"description_kind":"plain"}},"vault_github_auth_backend":{"version":0,"block":{"attributes":{"accessor":{"type":"string","description":"The mount accessor related to the auth mount.","description_kind":"plain","computed":true},"base_url":{"type":"string","description":"The API endpoint to use. Useful if you are running GitHub Enterprise or an API-compatible authentication server.","description_kind":"plain","optional":true},"description":{"type":"string","description":"Specifies the description of the mount. This overrides the current stored value, if any.","description_kind":"plain","optional":true},"id":{"type":"string","description_kind":"plain","optional":true,"computed":true},"max_ttl":{"type":"string","description":"Maximum duration after which authentication will be expired, in seconds.","description_kind":"plain","optional":true},"organization":{"type":"string","description":"The organization users must be part of.","description_kind":"plain","required":true},"path":{"type":"string","description":"Path where the auth backend is mounted","description_kind":"plain","optional":true},"token_bound_cidrs":{"type":["set","string"],"description":"Specifies the blocks of IP addresses which are allowed to use the generated token","description_kind":"plain","optional":true},"token_explicit_max_ttl":{"type":"number","description":"Generated Token's Explicit Maximum TTL in seconds","description_kind":"plain","optional":true},"token_max_ttl":{"type":"number","description":"The maximum lifetime of the generated token","description_kind":"plain","optional":true},"token_no_default_policy":{"type":"bool","description":"If true, the 'default' policy will not automatically be added to generated tokens","description_kind":"plain","optional":true},"token_num_uses":{"type":"number","description":"The maximum number of times a token may be used, a value of zero means unlimited","description_kind":"plain","optional":true},"token_period":{"type":"number","description":"Generated Token's Period","description_kind":"plain","optional":true},"token_policies":{"type":["set","string"],"description":"Generated Token's Policies","description_kind":"plain","optional":true},"token_ttl":{"type":"number","description":"The initial ttl of the token to generate in seconds","description_kind":"plain","optional":true},"token_type":{"type":"string","description":"The type of token to generate, service or batch","description_kind":"plain","optional":true},"ttl":{"type":"string","description":"Duration after which authentication will be expired, in seconds.","description_kind":"plain","optional":true},"tune":{"type":["set",["object",{"allowed_response_headers":["list","string"],"audit_non_hmac_request_keys":["list","string"],"audit_non_hmac_response_keys":["list","string"],"default_lease_ttl":"string","listing_visibility":"string","max_lease_ttl":"string","passthrough_request_headers":["list","string"],"token_type":"string"}]],"description_kind":"plain","optional":true,"computed":true}},"description_kind":"plain"}},"vault_github_team":{"version":0,"block":{"attributes":{"backend":{"type":"string","description":"Auth backend to which team mapping will be congigured.","description_kind":"plain","optional":true},"id":{"type":"string","description_kind":"plain","optional":true,"computed":true},"policies":{"type":["list","string"],"description":"Policies to be assigned to this team.","description_kind":"plain","optional":true},"team":{"type":"string","description":"GitHub team name in \"slugified\" format.","description_kind":"plain","required":true},"token_bound_cidrs":{"type":["set","string"],"description":"Specifies the blocks of IP addresses which are allowed to use the generated token","description_kind":"plain","optional":true},"token_explicit_max_ttl":{"type":"number","description":"Generated Token's Explicit Maximum TTL in seconds","description_kind":"plain","optional":true},"token_max_ttl":{"type":"number","description":"The maximum lifetime of the generated token","description_kind":"plain","optional":true},"token_no_default_policy":{"type":"bool","description":"If true, the 'default' policy will not automatically be added to generated tokens","description_kind":"plain","optional":true},"token_num_uses":{"type":"number","description":"The maximum number of times a token may be used, a value of zero means unlimited","description_kind":"plain","optional":true},"token_period":{"type":"number","description":"Generated Token's Period","description_kind":"plain","optional":true},"token_policies":{"type":["set","string"],"description":"Generated Token's Policies","description_kind":"plain","optional":true},"token_ttl":{"type":"number","description":"The initial ttl of the token to generate in seconds","description_kind":"plain","optional":true},"token_type":{"type":"string","description":"The type of token to generate, service or batch","description_kind":"plain","optional":true}},"description_kind":"plain"}},"vault_github_user":{"version":0,"block":{"attributes":{"backend":{"type":"string","description":"Auth backend to which user mapping will be congigured.","description_kind":"plain","optional":true},"id":{"type":"string","description_kind":"plain","optional":true,"computed":true},"policies":{"type":["list","string"],"description":"Policies to be assigned to this user.","description_kind":"plain","optional":true},"token_bound_cidrs":{"type":["set","string"],"description":"Specifies the blocks of IP addresses which are allowed to use the generated token","description_kind":"plain","optional":true},"token_explicit_max_ttl":{"type":"number","description":"Generated Token's Explicit Maximum TTL in seconds","description_kind":"plain","optional":true},"token_max_ttl":{"type":"number","description":"The maximum lifetime of the generated token","description_kind":"plain","optional":true},"token_no_default_policy":{"type":"bool","description":"If true, the 'default' policy will not automatically be added to generated tokens","description_kind":"plain","optional":true},"token_num_uses":{"type":"number","description":"The maximum number of times a token may be used, a value of zero means unlimited","description_kind":"plain","optional":true},"token_period":{"type":"number","description":"Generated Token's Period","description_kind":"plain","optional":true},"token_policies":{"type":["set","string"],"description":"Generated Token's Policies","description_kind":"plain","optional":true},"token_ttl":{"type":"number","description":"The initial ttl of the token to generate in seconds","description_kind":"plain","optional":true},"token_type":{"type":"string","description":"The type of token to generate, service or batch","description_kind":"plain","optional":true},"user":{"type":"string","description":"GitHub user name.","description_kind":"plain","required":true}},"description_kind":"plain"}},"vault_identity_entity":{"version":0,"block":{"attributes":{"disabled":{"type":"bool","description":"Whether the entity is disabled. Disabled entities' associated tokens cannot be used, but are not revoked.","description_kind":"plain","optional":true},"external_policies":{"type":"bool","description":"Manage policies externally through `vault_identity_entity_policies`.","description_kind":"plain","optional":true},"id":{"type":"string","description_kind":"plain","optional":true,"computed":true},"metadata":{"type":["map","string"],"description":"Metadata to be associated with the entity.","description_kind":"plain","optional":true},"name":{"type":"string","description":"Name of the entity.","description_kind":"plain","optional":true,"computed":true},"policies":{"type":["set","string"],"description":"Policies to be tied to the entity.","description_kind":"plain","optional":true}},"description_kind":"plain"}},"vault_identity_entity_alias":{"version":0,"block":{"attributes":{"canonical_id":{"type":"string","description":"ID of the entity to which this is an alias.","description_kind":"plain","required":true},"id":{"type":"string","description_kind":"plain","optional":true,"computed":true},"mount_accessor":{"type":"string","description":"Mount accessor to which this alias belongs toMount accessor to which this alias belongs to.","description_kind":"plain","required":true},"name":{"type":"string","description":"Name of the entity alias.","description_kind":"plain","required":true}},"description_kind":"plain"}},"vault_identity_entity_policies":{"version":0,"block":{"attributes":{"entity_id":{"type":"string","description":"ID of the entity.","description_kind":"plain","required":true},"entity_name":{"type":"string","description":"Name of the entity.","description_kind":"plain","computed":true},"exclusive":{"type":"bool","description":"Should the resource manage policies exclusively","description_kind":"plain","optional":true},"id":{"type":"string","description_kind":"plain","optional":true,"computed":true},"policies":{"type":["set","string"],"description":"Policies to be tied to the entity.","description_kind":"plain","required":true}},"description_kind":"plain"}},"vault_identity_group":{"version":0,"block":{"attributes":{"external_policies":{"type":"bool","description":"Manage policies externally through `vault_identity_group_policies`, allows using group ID in assigned policies.","description_kind":"plain","optional":true},"id":{"type":"string","description_kind":"plain","optional":true,"computed":true},"member_entity_ids":{"type":["set","string"],"description":"Entity IDs to be assigned as group members.","description_kind":"plain","optional":true,"computed":true},"member_group_ids":{"type":["set","string"],"description":"Group IDs to be assigned as group members.","description_kind":"plain","optional":true},"metadata":{"type":["map","string"],"description":"Metadata to be associated with the group.","description_kind":"plain","optional":true},"name":{"type":"string","description":"Name of the group.","description_kind":"plain","optional":true,"computed":true},"policies":{"type":["set","string"],"description":"Policies to be tied to the group.","description_kind":"plain","optional":true},"type":{"type":"string","description":"Type of the group, internal or external. Defaults to internal.","description_kind":"plain","optional":true}},"description_kind":"plain"}},"vault_identity_group_alias":{"version":0,"block":{"attributes":{"canonical_id":{"type":"string","description":"ID of the group to which this is an alias.","description_kind":"plain","required":true},"id":{"type":"string","description_kind":"plain","optional":true,"computed":true},"mount_accessor":{"type":"string","description":"Mount accessor to which this alias belongs to.","description_kind":"plain","required":true},"name":{"type":"string","description":"Name of the group alias.","description_kind":"plain","required":true}},"description_kind":"plain"}},"vault_identity_group_policies":{"version":0,"block":{"attributes":{"exclusive":{"type":"bool","description":"Should the resource manage policies exclusively? Beware of race conditions when disabling exclusive management","description_kind":"plain","optional":true},"group_id":{"type":"string","description":"ID of the group.","description_kind":"plain","required":true},"group_name":{"type":"string","description":"Name of the group.","description_kind":"plain","computed":true},"id":{"type":"string","description_kind":"plain","optional":true,"computed":true},"policies":{"type":["set","string"],"description":"Policies to be tied to the group.","description_kind":"plain","required":true}},"description_kind":"plain"}},"vault_identity_oidc":{"version":0,"block":{"attributes":{"id":{"type":"string","description_kind":"plain","optional":true,"computed":true},"issuer":{"type":"string","description":"Issuer URL to be used in the iss claim of the token. If not set, Vault's api_addr will be used. The issuer is a case sensitive URL using the https scheme that contains scheme, host, and optionally, port number and path components, but no query or fragment components.","description_kind":"plain","optional":true,"computed":true}},"description_kind":"plain"}},"vault_identity_oidc_key":{"version":0,"block":{"attributes":{"algorithm":{"type":"string","description":"Signing algorithm to use. Signing algorithm to use. Allowed values are: RS256 (default), RS384, RS512, ES256, ES384, ES512, EdDSA.","description_kind":"plain","optional":true},"allowed_client_ids":{"type":["set","string"],"description":"Array of role client ids allowed to use this key for signing. If empty, no roles are allowed. If \"*\", all roles are allowed.","description_kind":"plain","optional":true,"computed":true},"id":{"type":"string","description_kind":"plain","optional":true,"computed":true},"name":{"type":"string","description":"Name of the key.","description_kind":"plain","required":true},"rotation_period":{"type":"number","description":"How often to generate a new signing key in number of seconds","description_kind":"plain","optional":true},"verification_ttl":{"type":"number","description":"Controls how long the public portion of a signing key will be available for verification after being rotated in seconds.","description_kind":"plain","optional":true}},"description_kind":"plain"}},"vault_identity_oidc_key_allowed_client_id":{"version":0,"block":{"attributes":{"allowed_client_id":{"type":"string","description":"Role Client ID allowed to use the key for signing.","description_kind":"plain","required":true},"id":{"type":"string","description_kind":"plain","optional":true,"computed":true},"key_name":{"type":"string","description":"Name of the key.","description_kind":"plain","required":true}},"description_kind":"plain"}},"vault_identity_oidc_role":{"version":0,"block":{"attributes":{"client_id":{"type":"string","description":"The value that will be included in the `aud` field of all the OIDC identity tokens issued by this role","description_kind":"plain","computed":true},"id":{"type":"string","description_kind":"plain","optional":true,"computed":true},"key":{"type":"string","description":"A configured named key, the key must already exist.","description_kind":"plain","required":true},"name":{"type":"string","description":"Name of the role.","description_kind":"plain","required":true},"template":{"type":"string","description":"The template string to use for generating tokens. This may be in string-ified JSON or base64 format.","description_kind":"plain","optional":true},"ttl":{"type":"number","description":"TTL of the tokens generated against the role in number of seconds.","description_kind":"plain","optional":true}},"description_kind":"plain"}},"vault_jwt_auth_backend":{"version":0,"block":{"attributes":{"accessor":{"type":"string","description":"The accessor of the JWT auth backend","description_kind":"plain","computed":true},"bound_issuer":{"type":"string","description":"The value against which to match the iss claim in a JWT","description_kind":"plain","optional":true},"default_role":{"type":"string","description":"The default role to use if none is provided during login","description_kind":"plain","optional":true},"description":{"type":"string","description":"The description of the auth backend","description_kind":"plain","optional":true},"id":{"type":"string","description_kind":"plain","optional":true,"computed":true},"jwks_ca_pem":{"type":"string","description":"The CA certificate or chain of certificates, in PEM format, to use to validate connections to the JWKS URL. If not set, system certificates are used.","description_kind":"plain","optional":true},"jwks_url":{"type":"string","description":"JWKS URL to use to authenticate signatures. Cannot be used with 'oidc_discovery_url' or 'jwt_validation_pubkeys'.","description_kind":"plain","optional":true},"jwt_supported_algs":{"type":["list","string"],"description":"A list of supported signing algorithms. Defaults to [RS256]","description_kind":"plain","optional":true},"jwt_validation_pubkeys":{"type":["list","string"],"description":"A list of PEM-encoded public keys to use to authenticate signatures locally. Cannot be used with 'jwks_url' or 'oidc_discovery_url'. ","description_kind":"plain","optional":true},"oidc_client_id":{"type":"string","description":"Client ID used for OIDC","description_kind":"plain","optional":true},"oidc_client_secret":{"type":"string","description":"Client Secret used for OIDC","description_kind":"plain","optional":true,"sensitive":true},"oidc_discovery_ca_pem":{"type":"string","description":"The CA certificate or chain of certificates, in PEM format, to use to validate connections to the OIDC Discovery URL. If not set, system certificates are used","description_kind":"plain","optional":true},"oidc_discovery_url":{"type":"string","description":"The OIDC Discovery URL, without any .well-known component (base path). Cannot be used with 'jwks_url' or 'jwt_validation_pubkeys'.","description_kind":"plain","optional":true},"path":{"type":"string","description":"path to mount the backend","description_kind":"plain","optional":true},"tune":{"type":["set",["object",{"allowed_response_headers":["list","string"],"audit_non_hmac_request_keys":["list","string"],"audit_non_hmac_response_keys":["list","string"],"default_lease_ttl":"string","listing_visibility":"string","max_lease_ttl":"string","passthrough_request_headers":["list","string"],"token_type":"string"}]],"description_kind":"plain","optional":true,"computed":true},"type":{"type":"string","description":"Type of backend. Can be either 'jwt' or 'oidc'","description_kind":"plain","optional":true}},"description_kind":"plain"}},"vault_jwt_auth_backend_role":{"version":0,"block":{"attributes":{"allowed_redirect_uris":{"type":["set","string"],"description":"The list of allowed values for redirect_uri during OIDC logins.","description_kind":"plain","optional":true},"backend":{"type":"string","description":"Unique name of the auth backend to configure.","description_kind":"plain","optional":true},"bound_audiences":{"type":["set","string"],"description":"List of aud claims to match against. Any match is sufficient.","description_kind":"plain","optional":true},"bound_cidrs":{"type":["set","string"],"description":"List of CIDRs valid as the source address for login requests. This value is also encoded into any resulting token.","description_kind":"plain","optional":true},"bound_claims":{"type":["map","string"],"description":"Map of claims/values to match against. The expected value may be a single string or a comma-separated string list.","description_kind":"plain","optional":true},"bound_subject":{"type":"string","description":"If set, requires that the sub claim matches this value.","description_kind":"plain","optional":true},"claim_mappings":{"type":["map","string"],"description":"Map of claims (keys) to be copied to specified metadata fields (values).","description_kind":"plain","optional":true},"clock_skew_leeway":{"type":"number","description":"The amount of leeway to add to all claims to account for clock skew, in seconds. Defaults to 60 seconds if set to 0 and can be disabled if set to -1. Only applicable with 'jwt' roles.","description_kind":"plain","optional":true},"expiration_leeway":{"type":"number","description":"The amount of leeway to add to expiration (exp) claims to account for clock skew, in seconds. Defaults to 60 seconds if set to 0 and can be disabled if set to -1. Only applicable with 'jwt' roles.","description_kind":"plain","optional":true},"groups_claim":{"type":"string","description":"The claim to use to uniquely identify the set of groups to which the user belongs; this will be used as the names for the Identity group aliases created due to a successful login. The claim value must be a list of strings.","description_kind":"plain","optional":true},"groups_claim_delimiter_pattern":{"type":"string","description":"A pattern of delimiters used to allow the groups_claim to live outside of the top-level JWT structure. For instance, a groups_claim of meta/user.name/groups with this field set to // will expect nested structures named meta, user.name, and groups. If this field was set to /./ the groups information would expect to be via nested structures of meta, user, name, and groups.","description_kind":"plain","optional":true},"id":{"type":"string","description_kind":"plain","optional":true,"computed":true},"max_ttl":{"type":"number","description":"Number of seconds after which issued tokens can no longer be renewed.","description_kind":"plain","optional":true},"not_before_leeway":{"type":"number","description":"The amount of leeway to add to not before (nbf) claims to account for clock skew, in seconds. Defaults to 150 seconds if set to 0 and can be disabled if set to -1. Only applicable with 'jwt' roles. ","description_kind":"plain","optional":true},"num_uses":{"type":"number","description":"Number of times issued tokens can be used. Setting this to 0 or leaving it unset means unlimited uses.","description_kind":"plain","optional":true},"oidc_scopes":{"type":["set","string"],"description":"List of OIDC scopes to be used with an OIDC role. The standard scope \"openid\" is automatically included and need not be specified.","description_kind":"plain","optional":true},"period":{"type":"number","description":"Number of seconds to set the TTL to for issued tokens upon renewal. Makes the token a periodic token, which will never expire as long as it is renewed before the TTL each period.","description_kind":"plain","optional":true},"policies":{"type":["set","string"],"description":"Policies to be set on tokens issued using this role.","description_kind":"plain","optional":true},"role_name":{"type":"string","description":"Name of the role.","description_kind":"plain","required":true},"role_type":{"type":"string","description":"Type of role, either \"oidc\" (default) or \"jwt\"","description_kind":"plain","optional":true,"computed":true},"token_bound_cidrs":{"type":["set","string"],"description":"Specifies the blocks of IP addresses which are allowed to use the generated token","description_kind":"plain","optional":true},"token_explicit_max_ttl":{"type":"number","description":"Generated Token's Explicit Maximum TTL in seconds","description_kind":"plain","optional":true},"token_max_ttl":{"type":"number","description":"The maximum lifetime of the generated token","description_kind":"plain","optional":true},"token_no_default_policy":{"type":"bool","description":"If true, the 'default' policy will not automatically be added to generated tokens","description_kind":"plain","optional":true},"token_num_uses":{"type":"number","description":"The maximum number of times a token may be used, a value of zero means unlimited","description_kind":"plain","optional":true},"token_period":{"type":"number","description":"Generated Token's Period","description_kind":"plain","optional":true},"token_policies":{"type":["set","string"],"description":"Generated Token's Policies","description_kind":"plain","optional":true},"token_ttl":{"type":"number","description":"The initial ttl of the token to generate in seconds","description_kind":"plain","optional":true},"token_type":{"type":"string","description":"The type of token to generate, service or batch","description_kind":"plain","optional":true},"ttl":{"type":"number","description":"Default number of seconds to set as the TTL for issued tokens and at renewal time.","description_kind":"plain","optional":true},"user_claim":{"type":"string","description":"The claim to use to uniquely identify the user; this will be used as the name for the Identity entity alias created due to a successful login.","description_kind":"plain","required":true},"verbose_oidc_logging":{"type":"bool","description":"Log received OIDC tokens and claims when debug-level logging is active. Not recommended in production since sensitive information may be present in OIDC responses.","description_kind":"plain","optional":true}},"description_kind":"plain"}},"vault_kubernetes_auth_backend_config":{"version":0,"block":{"attributes":{"backend":{"type":"string","description":"Unique name of the kubernetes backend to configure.","description_kind":"plain","optional":true},"id":{"type":"string","description_kind":"plain","optional":true,"computed":true},"issuer":{"type":"string","description":"Optional JWT issuer. If no issuer is specified, kubernetes.io/serviceaccount will be used as the default issuer.","description_kind":"plain","optional":true},"kubernetes_ca_cert":{"type":"string","description":"PEM encoded CA cert for use by the TLS client used to talk with the Kubernetes API.","description_kind":"plain","optional":true},"kubernetes_host":{"type":"string","description":"Host must be a host string, a host:port pair, or a URL to the base of the Kubernetes API server.","description_kind":"plain","required":true},"pem_keys":{"type":["list","string"],"description":"Optional list of PEM-formatted public keys or certificates used to verify the signatures of Kubernetes service account JWTs. If a certificate is given, its public key will be extracted. Not every installation of Kubernetes exposes these keys.","description_kind":"plain","optional":true},"token_reviewer_jwt":{"type":"string","description":"A service account JWT used to access the TokenReview API to validate other JWTs during login. If not set the JWT used for login will be used to access the API.","description_kind":"plain","optional":true,"sensitive":true}},"description_kind":"plain"}},"vault_kubernetes_auth_backend_role":{"version":0,"block":{"attributes":{"audience":{"type":"string","description":"Optional Audience claim to verify in the JWT.","description_kind":"plain","optional":true},"backend":{"type":"string","description":"Unique name of the kubernetes backend to configure.","description_kind":"plain","optional":true},"bound_cidrs":{"type":["set","string"],"description":"List of CIDRs valid as the source address for login requests. This value is also encoded into any resulting token.","description_kind":"plain","optional":true},"bound_service_account_names":{"type":["set","string"],"description":"List of service account names able to access this role. If set to `[\"*\"]` all names are allowed, both this and bound_service_account_namespaces can not be \"*\".","description_kind":"plain","required":true},"bound_service_account_namespaces":{"type":["set","string"],"description":"List of namespaces allowed to access this role. If set to `[\"*\"]` all namespaces are allowed, both this and bound_service_account_names can not be set to \"*\".","description_kind":"plain","required":true},"id":{"type":"string","description_kind":"plain","optional":true,"computed":true},"max_ttl":{"type":"number","description":"Number of seconds after which issued tokens can no longer be renewed.","description_kind":"plain","optional":true},"num_uses":{"type":"number","description":"Number of times issued tokens can be used. Setting this to 0 or leaving it unset means unlimited uses.","description_kind":"plain","optional":true},"period":{"type":"number","description":"Number of seconds to set the TTL to for issued tokens upon renewal. Makes the token a periodic token, which will never expire as long as it is renewed before the TTL each period.","description_kind":"plain","optional":true},"policies":{"type":["set","string"],"description":"Policies to be set on tokens issued using this role.","description_kind":"plain","optional":true},"role_name":{"type":"string","description":"Name of the role.","description_kind":"plain","required":true},"token_bound_cidrs":{"type":["set","string"],"description":"Specifies the blocks of IP addresses which are allowed to use the generated token","description_kind":"plain","optional":true},"token_explicit_max_ttl":{"type":"number","description":"Generated Token's Explicit Maximum TTL in seconds","description_kind":"plain","optional":true},"token_max_ttl":{"type":"number","description":"The maximum lifetime of the generated token","description_kind":"plain","optional":true},"token_no_default_policy":{"type":"bool","description":"If true, the 'default' policy will not automatically be added to generated tokens","description_kind":"plain","optional":true},"token_num_uses":{"type":"number","description":"The maximum number of times a token may be used, a value of zero means unlimited","description_kind":"plain","optional":true},"token_period":{"type":"number","description":"Generated Token's Period","description_kind":"plain","optional":true},"token_policies":{"type":["set","string"],"description":"Generated Token's Policies","description_kind":"plain","optional":true},"token_ttl":{"type":"number","description":"The initial ttl of the token to generate in seconds","description_kind":"plain","optional":true},"token_type":{"type":"string","description":"The type of token to generate, service or batch","description_kind":"plain","optional":true},"ttl":{"type":"number","description":"Default number of seconds to set as the TTL for issued tokens and at renewal time.","description_kind":"plain","optional":true}},"description_kind":"plain"}},"vault_ldap_auth_backend":{"version":1,"block":{"attributes":{"accessor":{"type":"string","description":"The accessor of the LDAP auth backend","description_kind":"plain","computed":true},"binddn":{"type":"string","description_kind":"plain","optional":true,"computed":true},"bindpass":{"type":"string","description_kind":"plain","optional":true,"computed":true,"sensitive":true},"certificate":{"type":"string","description_kind":"plain","optional":true,"computed":true},"deny_null_bind":{"type":"bool","description_kind":"plain","optional":true,"computed":true},"description":{"type":"string","description_kind":"plain","optional":true,"computed":true},"discoverdn":{"type":"bool","description_kind":"plain","optional":true,"computed":true},"groupattr":{"type":"string","description_kind":"plain","optional":true,"computed":true},"groupdn":{"type":"string","description_kind":"plain","optional":true,"computed":true},"groupfilter":{"type":"string","description_kind":"plain","optional":true,"computed":true},"id":{"type":"string","description_kind":"plain","optional":true,"computed":true},"insecure_tls":{"type":"bool","description_kind":"plain","optional":true,"computed":true},"path":{"type":"string","description_kind":"plain","optional":true},"starttls":{"type":"bool","description_kind":"plain","optional":true,"computed":true},"tls_max_version":{"type":"string","description_kind":"plain","optional":true,"computed":true},"tls_min_version":{"type":"string","description_kind":"plain","optional":true,"computed":true},"token_bound_cidrs":{"type":["set","string"],"description":"Specifies the blocks of IP addresses which are allowed to use the generated token","description_kind":"plain","optional":true},"token_explicit_max_ttl":{"type":"number","description":"Generated Token's Explicit Maximum TTL in seconds","description_kind":"plain","optional":true},"token_max_ttl":{"type":"number","description":"The maximum lifetime of the generated token","description_kind":"plain","optional":true},"token_no_default_policy":{"type":"bool","description":"If true, the 'default' policy will not automatically be added to generated tokens","description_kind":"plain","optional":true},"token_num_uses":{"type":"number","description":"The maximum number of times a token may be used, a value of zero means unlimited","description_kind":"plain","optional":true},"token_period":{"type":"number","description":"Generated Token's Period","description_kind":"plain","optional":true},"token_policies":{"type":["set","string"],"description":"Generated Token's Policies","description_kind":"plain","optional":true},"token_ttl":{"type":"number","description":"The initial ttl of the token to generate in seconds","description_kind":"plain","optional":true},"token_type":{"type":"string","description":"The type of token to generate, service or batch","description_kind":"plain","optional":true},"upndomain":{"type":"string","description_kind":"plain","optional":true,"computed":true},"url":{"type":"string","description_kind":"plain","required":true},"use_token_groups":{"type":"bool","description_kind":"plain","optional":true,"computed":true},"userattr":{"type":"string","description_kind":"plain","optional":true,"computed":true},"userdn":{"type":"string","description_kind":"plain","optional":true,"computed":true}},"description_kind":"plain"}},"vault_ldap_auth_backend_group":{"version":1,"block":{"attributes":{"backend":{"type":"string","description_kind":"plain","optional":true},"groupname":{"type":"string","description_kind":"plain","required":true},"id":{"type":"string","description_kind":"plain","optional":true,"computed":true},"policies":{"type":["set","string"],"description_kind":"plain","optional":true,"computed":true}},"description_kind":"plain"}},"vault_ldap_auth_backend_user":{"version":1,"block":{"attributes":{"backend":{"type":"string","description_kind":"plain","optional":true},"groups":{"type":["set","string"],"description_kind":"plain","optional":true,"computed":true},"id":{"type":"string","description_kind":"plain","optional":true,"computed":true},"policies":{"type":["set","string"],"description_kind":"plain","optional":true,"computed":true},"username":{"type":"string","description_kind":"plain","required":true}},"description_kind":"plain"}},"vault_mfa_duo":{"version":0,"block":{"attributes":{"api_hostname":{"type":"string","description":"API hostname for Duo.","description_kind":"plain","required":true},"id":{"type":"string","description_kind":"plain","optional":true,"computed":true},"integration_key":{"type":"string","description":"Integration key for Duo.","description_kind":"plain","required":true,"sensitive":true},"mount_accessor":{"type":"string","description":"The mount to tie this method to for use in automatic mappings. The mapping will use the Name field of Aliases associated with this mount as the username in the mapping.","description_kind":"plain","required":true},"name":{"type":"string","description":"Name of the MFA method.","description_kind":"plain","required":true},"push_info":{"type":"string","description":"Push information for Duo.","description_kind":"plain","optional":true},"secret_key":{"type":"string","description":"Secret key for Duo.","description_kind":"plain","required":true,"sensitive":true},"username_format":{"type":"string","description":"A format string for mapping Identity names to MFA method names. Values to substitute should be placed in `{{}}`.","description_kind":"plain","optional":true}},"description_kind":"plain"}},"vault_mount":{"version":0,"block":{"attributes":{"accessor":{"type":"string","description":"Accessor of the mount","description_kind":"plain","computed":true},"default_lease_ttl_seconds":{"type":"number","description":"Default lease duration for tokens and secrets in seconds","description_kind":"plain","optional":true,"computed":true},"description":{"type":"string","description":"Human-friendly description of the mount","description_kind":"plain","optional":true},"id":{"type":"string","description_kind":"plain","optional":true,"computed":true},"local":{"type":"bool","description":"Local mount flag that can be explicitly set to true to enforce local mount in HA environment","description_kind":"plain","optional":true},"max_lease_ttl_seconds":{"type":"number","description":"Maximum possible lease duration for tokens and secrets in seconds","description_kind":"plain","optional":true,"computed":true},"options":{"type":["map","string"],"description":"Specifies mount type specific options that are passed to the backend","description_kind":"plain","optional":true},"path":{"type":"string","description":"Where the secret backend will be mounted","description_kind":"plain","required":true},"seal_wrap":{"type":"bool","description":"Enable seal wrapping for the mount, causing values stored by the mount to be wrapped by the seal's encryption capability","description_kind":"plain","optional":true,"computed":true},"type":{"type":"string","description":"Type of the backend, such as 'aws'","description_kind":"plain","required":true}},"description_kind":"plain"}},"vault_namespace":{"version":0,"block":{"attributes":{"id":{"type":"string","description_kind":"plain","optional":true,"computed":true},"namespace_id":{"type":"string","description":"ID of the namepsace.","description_kind":"plain","computed":true},"path":{"type":"string","description":"Path of the namespace.","description_kind":"plain","required":true}},"description_kind":"plain"}},"vault_okta_auth_backend":{"version":0,"block":{"attributes":{"accessor":{"type":"string","description":"The mount accessor related to the auth mount.","description_kind":"plain","computed":true},"base_url":{"type":"string","description":"The Okta url. Examples: oktapreview.com, okta.com (default)","description_kind":"plain","optional":true},"bypass_okta_mfa":{"type":"bool","description":"When true, requests by Okta for a MFA check will be bypassed. This also disallows certain status checks on the account, such as whether the password is expired.","description_kind":"plain","optional":true},"description":{"type":"string","description":"The description of the auth backend","description_kind":"plain","optional":true},"group":{"type":["set",["object",{"group_name":"string","policies":["set","string"]}]],"description_kind":"plain","optional":true,"computed":true},"id":{"type":"string","description_kind":"plain","optional":true,"computed":true},"max_ttl":{"type":"string","description":"Maximum duration after which authentication will be expired","description_kind":"plain","optional":true},"organization":{"type":"string","description":"The Okta organization. This will be the first part of the url https://XXX.okta.com.","description_kind":"plain","required":true},"path":{"type":"string","description":"path to mount the backend","description_kind":"plain","optional":true},"token":{"type":"string","description":"The Okta API token. This is required to query Okta for user group membership. If this is not supplied only locally configured groups will be enabled.","description_kind":"plain","optional":true,"sensitive":true},"ttl":{"type":"string","description":"Duration after which authentication will be expired","description_kind":"plain","optional":true},"user":{"type":["set",["object",{"groups":["set","string"],"policies":["set","string"],"username":"string"}]],"description_kind":"plain","optional":true,"computed":true}},"description_kind":"plain"}},"vault_okta_auth_backend_group":{"version":0,"block":{"attributes":{"group_name":{"type":"string","description":"Name of the Okta group","description_kind":"plain","required":true},"id":{"type":"string","description_kind":"plain","optional":true,"computed":true},"path":{"type":"string","description":"Path to the Okta auth backend","description_kind":"plain","required":true},"policies":{"type":["set","string"],"description":"Policies to associate with this group","description_kind":"plain","optional":true}},"description_kind":"plain"}},"vault_okta_auth_backend_user":{"version":0,"block":{"attributes":{"groups":{"type":["set","string"],"description":"Groups within the Okta auth backend to associate with this user","description_kind":"plain","optional":true},"id":{"type":"string","description_kind":"plain","optional":true,"computed":true},"path":{"type":"string","description":"Path to the Okta auth backend","description_kind":"plain","required":true},"policies":{"type":["set","string"],"description":"Policies to associate with this user","description_kind":"plain","optional":true},"username":{"type":"string","description":"Name of the user within Okta","description_kind":"plain","required":true}},"description_kind":"plain"}},"vault_pki_secret_backend":{"version":0,"block":{"attributes":{"default_lease_ttl_seconds":{"type":"number","description":"Default lease duration for tokens and secrets in seconds","description_kind":"plain","optional":true,"computed":true},"description":{"type":"string","description":"Human-friendly description of the mount for the backend.","description_kind":"plain","optional":true},"id":{"type":"string","description_kind":"plain","optional":true,"computed":true},"max_lease_ttl_seconds":{"type":"number","description":"Maximum possible lease duration for tokens and secrets in seconds","description_kind":"plain","optional":true,"computed":true},"path":{"type":"string","description":"Path to mount the backend at.","description_kind":"plain","required":true}},"description_kind":"plain"}},"vault_pki_secret_backend_cert":{"version":0,"block":{"attributes":{"alt_names":{"type":["list","string"],"description":"List of alternative names.","description_kind":"plain","optional":true},"auto_renew":{"type":"bool","description":"If enabled, a new certificate will be generated if the expiration is within min_seconds_remaining","description_kind":"plain","optional":true},"backend":{"type":"string","description":"The PKI secret backend the resource belongs to.","description_kind":"plain","required":true},"ca_chain":{"type":"string","description":"The CA chain.","description_kind":"plain","computed":true},"certificate":{"type":"string","description":"The certicate.","description_kind":"plain","computed":true},"common_name":{"type":"string","description":"CN of the certificate to create.","description_kind":"plain","required":true},"exclude_cn_from_sans":{"type":"bool","description":"Flag to exclude CN from SANs.","description_kind":"plain","optional":true},"expiration":{"type":"number","description":"The certificate expiration.","description_kind":"plain","computed":true},"format":{"type":"string","description":"The format of data.","description_kind":"plain","optional":true},"id":{"type":"string","description_kind":"plain","optional":true,"computed":true},"ip_sans":{"type":["list","string"],"description":"List of alternative IPs.","description_kind":"plain","optional":true},"issuing_ca":{"type":"string","description":"The issuing CA.","description_kind":"plain","computed":true},"min_seconds_remaining":{"type":"number","description":"Generate a new certificate when the expiration is within this number of seconds","description_kind":"plain","optional":true},"name":{"type":"string","description":"Name of the role to create the certificate against.","description_kind":"plain","required":true},"other_sans":{"type":["list","string"],"description":"List of other SANs.","description_kind":"plain","optional":true},"private_key":{"type":"string","description":"The private key.","description_kind":"plain","computed":true,"sensitive":true},"private_key_format":{"type":"string","description":"The private key format.","description_kind":"plain","optional":true},"private_key_type":{"type":"string","description":"The private key type.","description_kind":"plain","computed":true},"serial_number":{"type":"string","description":"The serial number.","description_kind":"plain","computed":true},"ttl":{"type":"string","description":"Time to leave.","description_kind":"plain","optional":true}},"description_kind":"plain"}},"vault_pki_secret_backend_config_ca":{"version":0,"block":{"attributes":{"backend":{"type":"string","description":"The PKI secret backend the resource belongs to.","description_kind":"plain","required":true},"id":{"type":"string","description_kind":"plain","optional":true,"computed":true},"pem_bundle":{"type":"string","description":"The key and certificate PEM bundle.","description_kind":"plain","required":true,"sensitive":true}},"description_kind":"plain"}},"vault_pki_secret_backend_config_urls":{"version":0,"block":{"attributes":{"backend":{"type":"string","description":"The path of the PKI secret backend the resource belongs to.","description_kind":"plain","required":true},"crl_distribution_points":{"type":["list","string"],"description":"Specifies the URL values for the CRL Distribution Points field.","description_kind":"plain","optional":true},"id":{"type":"string","description_kind":"plain","optional":true,"computed":true},"issuing_certificates":{"type":["list","string"],"description":"Specifies the URL values for the Issuing Certificate field.","description_kind":"plain","optional":true},"ocsp_servers":{"type":["list","string"],"description":"Specifies the URL values for the OCSP Servers field.","description_kind":"plain","optional":true}},"description_kind":"plain"}},"vault_pki_secret_backend_crl_config":{"version":0,"block":{"attributes":{"backend":{"type":"string","description":"The path of the PKI secret backend the resource belongs to.","description_kind":"plain","required":true},"disable":{"type":"bool","description":"Disables or enables CRL building","description_kind":"plain","optional":true},"expiry":{"type":"string","description":"Specifies the time until expiration.","description_kind":"plain","optional":true},"id":{"type":"string","description_kind":"plain","optional":true,"computed":true}},"description_kind":"plain"}},"vault_pki_secret_backend_intermediate_cert_request":{"version":0,"block":{"attributes":{"alt_names":{"type":["list","string"],"description":"List of alternative names.","description_kind":"plain","optional":true},"backend":{"type":"string","description":"The PKI secret backend the resource belongs to.","description_kind":"plain","required":true},"common_name":{"type":"string","description":"CN of intermediate to create.","description_kind":"plain","required":true},"country":{"type":"string","description":"The country.","description_kind":"plain","optional":true},"csr":{"type":"string","description":"The CSR.","description_kind":"plain","computed":true},"exclude_cn_from_sans":{"type":"bool","description":"Flag to exclude CN from SANs.","description_kind":"plain","optional":true},"format":{"type":"string","description":"The format of data.","description_kind":"plain","optional":true},"id":{"type":"string","description_kind":"plain","optional":true,"computed":true},"ip_sans":{"type":["list","string"],"description":"List of alternative IPs.","description_kind":"plain","optional":true},"key_bits":{"type":"number","description":"The number of bits to use.","description_kind":"plain","optional":true},"key_type":{"type":"string","description":"The desired key type.","description_kind":"plain","optional":true},"locality":{"type":"string","description":"The locality.","description_kind":"plain","optional":true},"organization":{"type":"string","description":"The organization.","description_kind":"plain","optional":true},"other_sans":{"type":["list","string"],"description":"List of other SANs.","description_kind":"plain","optional":true},"ou":{"type":"string","description":"The organization unit.","description_kind":"plain","optional":true},"postal_code":{"type":"string","description":"The postal code.","description_kind":"plain","optional":true},"private_key":{"type":"string","description":"The private key.","description_kind":"plain","computed":true,"sensitive":true},"private_key_format":{"type":"string","description":"The private key format.","description_kind":"plain","optional":true},"private_key_type":{"type":"string","description":"The private key type.","description_kind":"plain","computed":true},"province":{"type":"string","description":"The province.","description_kind":"plain","optional":true},"street_address":{"type":"string","description":"The street address.","description_kind":"plain","optional":true},"type":{"type":"string","description":"Type of intermediate to create. Must be either \"exported\" or \"internal\".","description_kind":"plain","required":true},"uri_sans":{"type":["list","string"],"description":"List of alternative URIs.","description_kind":"plain","optional":true}},"description_kind":"plain"}},"vault_pki_secret_backend_intermediate_set_signed":{"version":0,"block":{"attributes":{"backend":{"type":"string","description":"The PKI secret backend the resource belongs to.","description_kind":"plain","required":true},"certificate":{"type":"string","description":"The certificate.","description_kind":"plain","required":true},"id":{"type":"string","description_kind":"plain","optional":true,"computed":true}},"description_kind":"plain"}},"vault_pki_secret_backend_role":{"version":0,"block":{"attributes":{"allow_any_name":{"type":"bool","description":"Flag to allow any name","description_kind":"plain","optional":true},"allow_bare_domains":{"type":"bool","description":"Flag to allow certificates matching the actual domain.","description_kind":"plain","optional":true},"allow_glob_domains":{"type":"bool","description":"Flag to allow names containing glob patterns.","description_kind":"plain","optional":true},"allow_ip_sans":{"type":"bool","description":"Flag to allow IP SANs","description_kind":"plain","optional":true},"allow_localhost":{"type":"bool","description":"Flag to allow certificates for localhost.","description_kind":"plain","optional":true},"allow_subdomains":{"type":"bool","description":"Flag to allow certificates matching subdomains.","description_kind":"plain","optional":true},"allowed_domains":{"type":["list","string"],"description":"The domains of the role.","description_kind":"plain","optional":true},"allowed_other_sans":{"type":["list","string"],"description":"Defines allowed custom SANs","description_kind":"plain","optional":true},"allowed_uri_sans":{"type":["list","string"],"description":"Defines allowed URI SANs","description_kind":"plain","optional":true},"backend":{"type":"string","description":"The path of the PKI secret backend the resource belongs to.","description_kind":"plain","required":true},"basic_constraints_valid_for_non_ca":{"type":"bool","description":"Flag to mark basic constraints valid when issuing non-CA certificates.","description_kind":"plain","optional":true},"client_flag":{"type":"bool","description":"Flag to specify certificates for client use.","description_kind":"plain","optional":true},"code_signing_flag":{"type":"bool","description":"Flag to specify certificates for code signing use.","description_kind":"plain","optional":true},"country":{"type":["list","string"],"description":"The country of generated certificates.","description_kind":"plain","optional":true},"email_protection_flag":{"type":"bool","description":"Flag to specify certificates for email protection use.","description_kind":"plain","optional":true},"enforce_hostnames":{"type":"bool","description":"Flag to allow only valid host names","description_kind":"plain","optional":true},"ext_key_usage":{"type":["list","string"],"description":"Specify the allowed extended key usage constraint on issued certificates.","description_kind":"plain","optional":true},"generate_lease":{"type":"bool","description":"Flag to generate leases with certificates.","description_kind":"plain","optional":true},"id":{"type":"string","description_kind":"plain","optional":true,"computed":true},"key_bits":{"type":"number","description":"The number of bits of generated keys.","description_kind":"plain","optional":true},"key_type":{"type":"string","description":"The type of generated keys.","description_kind":"plain","optional":true},"key_usage":{"type":["list","string"],"description":"Specify the allowed key usage constraint on issued certificates.","description_kind":"plain","optional":true},"locality":{"type":["list","string"],"description":"The locality of generated certificates.","description_kind":"plain","optional":true},"max_ttl":{"type":"string","description":"The maximum TTL.","description_kind":"plain","optional":true},"name":{"type":"string","description":"Unique name for the role.","description_kind":"plain","required":true},"no_store":{"type":"bool","description":"Flag to not store certificates in the storage backend.","description_kind":"plain","optional":true},"not_before_duration":{"type":"string","description":"Specifies the duration by which to backdate the NotBefore property.","description_kind":"plain","optional":true,"computed":true},"organization":{"type":["list","string"],"description":"The organization of generated certificates.","description_kind":"plain","optional":true},"ou":{"type":["list","string"],"description":"The organization unit of generated certificates.","description_kind":"plain","optional":true},"policy_identifiers":{"type":["list","string"],"description":"Specify the list of allowed policies IODs.","description_kind":"plain","optional":true},"postal_code":{"type":["list","string"],"description":"The postal code of generated certificates.","description_kind":"plain","optional":true},"province":{"type":["list","string"],"description":"The province of generated certificates.","description_kind":"plain","optional":true},"require_cn":{"type":"bool","description":"Flag to force CN usage.","description_kind":"plain","optional":true},"server_flag":{"type":"bool","description":"Flag to specify certificates for server use.","description_kind":"plain","optional":true},"street_address":{"type":["list","string"],"description":"The street address of generated certificates.","description_kind":"plain","optional":true},"ttl":{"type":"string","description":"The TTL.","description_kind":"plain","optional":true},"use_csr_common_name":{"type":"bool","description":"Flag to use the CN in the CSR.","description_kind":"plain","optional":true},"use_csr_sans":{"type":"bool","description":"Flag to use the SANs in the CSR.","description_kind":"plain","optional":true}},"description_kind":"plain"}},"vault_pki_secret_backend_root_cert":{"version":0,"block":{"attributes":{"alt_names":{"type":["list","string"],"description":"List of alternative names.","description_kind":"plain","optional":true},"backend":{"type":"string","description":"The PKI secret backend the resource belongs to.","description_kind":"plain","required":true},"certificate":{"type":"string","description":"The certicate.","description_kind":"plain","computed":true},"common_name":{"type":"string","description":"CN of intermediate to create.","description_kind":"plain","required":true},"country":{"type":"string","description":"The country.","description_kind":"plain","optional":true},"exclude_cn_from_sans":{"type":"bool","description":"Flag to exclude CN from SANs.","description_kind":"plain","optional":true},"format":{"type":"string","description":"The format of data.","description_kind":"plain","optional":true},"id":{"type":"string","description_kind":"plain","optional":true,"computed":true},"ip_sans":{"type":["list","string"],"description":"List of alternative IPs.","description_kind":"plain","optional":true},"issuing_ca":{"type":"string","description":"The issuing CA.","description_kind":"plain","computed":true},"key_bits":{"type":"number","description":"The number of bits to use.","description_kind":"plain","optional":true},"key_type":{"type":"string","description":"The desired key type.","description_kind":"plain","optional":true},"locality":{"type":"string","description":"The locality.","description_kind":"plain","optional":true},"max_path_length":{"type":"number","description":"The maximum path length to encode in the generated certificate.","description_kind":"plain","optional":true},"organization":{"type":"string","description":"The organization.","description_kind":"plain","optional":true},"other_sans":{"type":["list","string"],"description":"List of other SANs.","description_kind":"plain","optional":true},"ou":{"type":"string","description":"The organization unit.","description_kind":"plain","optional":true},"permitted_dns_domains":{"type":["list","string"],"description":"List of domains for which certificates are allowed to be issued.","description_kind":"plain","optional":true},"postal_code":{"type":"string","description":"The postal code.","description_kind":"plain","optional":true},"private_key_format":{"type":"string","description":"The private key format.","description_kind":"plain","optional":true},"province":{"type":"string","description":"The province.","description_kind":"plain","optional":true},"serial":{"type":"string","description":"The serial number.","description_kind":"plain","computed":true},"street_address":{"type":"string","description":"The street address.","description_kind":"plain","optional":true},"ttl":{"type":"string","description":"Time to leave.","description_kind":"plain","optional":true},"type":{"type":"string","description":"Type of intermediate to create. Must be either \"exported\" or \"internal\".","description_kind":"plain","required":true},"uri_sans":{"type":["list","string"],"description":"List of alterative URIs.","description_kind":"plain","optional":true}},"description_kind":"plain"}},"vault_pki_secret_backend_root_sign_intermediate":{"version":0,"block":{"attributes":{"alt_names":{"type":["list","string"],"description":"List of alternative names.","description_kind":"plain","optional":true},"backend":{"type":"string","description":"The PKI secret backend the resource belongs to.","description_kind":"plain","required":true},"ca_chain":{"type":"string","description":"The CA chain.","description_kind":"plain","computed":true},"certificate":{"type":"string","description":"The certicate.","description_kind":"plain","computed":true},"common_name":{"type":"string","description":"CN of intermediate to create.","description_kind":"plain","required":true},"country":{"type":"string","description":"The country.","description_kind":"plain","optional":true},"csr":{"type":"string","description":"The CSR.","description_kind":"plain","required":true},"exclude_cn_from_sans":{"type":"bool","description":"Flag to exclude CN from SANs.","description_kind":"plain","optional":true},"format":{"type":"string","description":"The format of data.","description_kind":"plain","optional":true},"id":{"type":"string","description_kind":"plain","optional":true,"computed":true},"ip_sans":{"type":["list","string"],"description":"List of alternative IPs.","description_kind":"plain","optional":true},"issuing_ca":{"type":"string","description":"The issuing CA.","description_kind":"plain","computed":true},"locality":{"type":"string","description":"The locality.","description_kind":"plain","optional":true},"max_path_length":{"type":"number","description":"The maximum path length to encode in the generated certificate.","description_kind":"plain","optional":true},"organization":{"type":"string","description":"The organization.","description_kind":"plain","optional":true},"other_sans":{"type":["list","string"],"description":"List of other SANs.","description_kind":"plain","optional":true},"ou":{"type":"string","description":"The organization unit.","description_kind":"plain","optional":true},"permitted_dns_domains":{"type":["list","string"],"description":"List of domains for which certificates are allowed to be issued.","description_kind":"plain","optional":true},"postal_code":{"type":"string","description":"The postal code.","description_kind":"plain","optional":true},"province":{"type":"string","description":"The province.","description_kind":"plain","optional":true},"serial":{"type":"string","description":"The serial number.","description_kind":"plain","computed":true},"street_address":{"type":"string","description":"The street address.","description_kind":"plain","optional":true},"ttl":{"type":"string","description":"Time to leave.","description_kind":"plain","optional":true},"uri_sans":{"type":["list","string"],"description":"List of alterative URIs.","description_kind":"plain","optional":true},"use_csr_values":{"type":"bool","description":"Preserve CSR values.","description_kind":"plain","optional":true}},"description_kind":"plain"}},"vault_pki_secret_backend_sign":{"version":0,"block":{"attributes":{"alt_names":{"type":["list","string"],"description":"List of alternative names.","description_kind":"plain","optional":true},"auto_renew":{"type":"bool","description":"If enabled, a new certificate will be generated if the expiration is within min_seconds_remaining","description_kind":"plain","optional":true},"backend":{"type":"string","description":"The PKI secret backend the resource belongs to.","description_kind":"plain","required":true},"ca_chain":{"type":["list","string"],"description":"The CA chain.","description_kind":"plain","computed":true},"certificate":{"type":"string","description":"The certicate.","description_kind":"plain","computed":true},"common_name":{"type":"string","description":"CN of intermediate to create.","description_kind":"plain","required":true},"csr":{"type":"string","description":"The CSR.","description_kind":"plain","required":true},"exclude_cn_from_sans":{"type":"bool","description":"Flag to exclude CN from SANs.","description_kind":"plain","optional":true},"expiration":{"type":"number","description":"The certificate expiration.","description_kind":"plain","computed":true},"format":{"type":"string","description":"The format of data.","description_kind":"plain","optional":true},"id":{"type":"string","description_kind":"plain","optional":true,"computed":true},"ip_sans":{"type":["list","string"],"description":"List of alternative IPs.","description_kind":"plain","optional":true},"issuing_ca":{"type":"string","description":"The issuing CA.","description_kind":"plain","computed":true},"min_seconds_remaining":{"type":"number","description":"Generate a new certificate when the expiration is within this number of seconds","description_kind":"plain","optional":true},"name":{"type":"string","description":"Name of the role to create the certificate against.","description_kind":"plain","required":true},"other_sans":{"type":["list","string"],"description":"List of other SANs.","description_kind":"plain","optional":true},"serial":{"type":"string","description":"The serial.","description_kind":"plain","computed":true},"ttl":{"type":"string","description":"Time to leave.","description_kind":"plain","optional":true},"uri_sans":{"type":["list","string"],"description":"List of alterative URIs.","description_kind":"plain","optional":true}},"description_kind":"plain"}},"vault_policy":{"version":0,"block":{"attributes":{"id":{"type":"string","description_kind":"plain","optional":true,"computed":true},"name":{"type":"string","description":"Name of the policy","description_kind":"plain","required":true},"policy":{"type":"string","description":"The policy document","description_kind":"plain","required":true}},"description_kind":"plain"}},"vault_rabbitmq_secret_backend":{"version":0,"block":{"attributes":{"connection_uri":{"type":"string","description":"Specifies the RabbitMQ connection URI.","description_kind":"plain","required":true},"default_lease_ttl_seconds":{"type":"number","description":"Default lease duration for secrets in seconds","description_kind":"plain","optional":true,"computed":true},"description":{"type":"string","description":"Human-friendly description of the mount for the backend.","description_kind":"plain","optional":true},"id":{"type":"string","description_kind":"plain","optional":true,"computed":true},"max_lease_ttl_seconds":{"type":"number","description":"Maximum possible lease duration for secrets in seconds","description_kind":"plain","optional":true,"computed":true},"password":{"type":"string","description":"Specifies the RabbitMQ management administrator password","description_kind":"plain","required":true,"sensitive":true},"path":{"type":"string","description":"The path of the RabbitMQ Secret Backend where the connection should be configured","description_kind":"plain","optional":true},"username":{"type":"string","description":"Specifies the RabbitMQ management administrator username","description_kind":"plain","required":true,"sensitive":true},"verify_connection":{"type":"bool","description":"Specifies whether to verify connection URI, username, and password.","description_kind":"plain","optional":true}},"description_kind":"plain"}},"vault_rabbitmq_secret_backend_role":{"version":0,"block":{"attributes":{"backend":{"type":"string","description":"The path of the Rabbitmq Secret Backend the role belongs to.","description_kind":"plain","required":true},"id":{"type":"string","description_kind":"plain","optional":true,"computed":true},"name":{"type":"string","description":"Unique name for the role.","description_kind":"plain","required":true},"tags":{"type":"string","description":"Specifies a comma-separated RabbitMQ management tags.","description_kind":"plain","optional":true}},"block_types":{"vhost":{"nesting_mode":"list","block":{"attributes":{"configure":{"type":"string","description":"The configure permissions for this vhost.","description_kind":"plain","required":true},"host":{"type":"string","description":"The vhost to set permissions for.","description_kind":"plain","required":true},"read":{"type":"string","description":"The read permissions for this vhost.","description_kind":"plain","required":true},"write":{"type":"string","description":"The write permissions for this vhost.","description_kind":"plain","required":true}},"description_kind":"plain"}}},"description_kind":"plain"}},"vault_rgp_policy":{"version":0,"block":{"attributes":{"enforcement_level":{"type":"string","description":"Enforcement level of Sentinel policy. Can be one of: 'advisory', 'soft-mandatory' or 'hard-mandatory'","description_kind":"plain","required":true},"id":{"type":"string","description_kind":"plain","optional":true,"computed":true},"name":{"type":"string","description":"Name of the policy","description_kind":"plain","required":true},"policy":{"type":"string","description":"The policy document","description_kind":"plain","required":true}},"description_kind":"plain"}},"vault_ssh_secret_backend_ca":{"version":0,"block":{"attributes":{"backend":{"type":"string","description":"The path of the SSH Secret Backend where the CA should be configured","description_kind":"plain","optional":true},"generate_signing_key":{"type":"bool","description":"Whether Vault should generate the signing key pair internally.","description_kind":"plain","optional":true},"id":{"type":"string","description_kind":"plain","optional":true,"computed":true},"private_key":{"type":"string","description":"Private key part the SSH CA key pair; required if generate_signing_key is false.","description_kind":"plain","optional":true,"computed":true,"sensitive":true},"public_key":{"type":"string","description":"Public key part the SSH CA key pair; required if generate_signing_key is false.","description_kind":"plain","optional":true,"computed":true}},"description_kind":"plain"}},"vault_ssh_secret_backend_role":{"version":0,"block":{"attributes":{"allow_bare_domains":{"type":"bool","description_kind":"plain","optional":true},"allow_host_certificates":{"type":"bool","description_kind":"plain","optional":true},"allow_subdomains":{"type":"bool","description_kind":"plain","optional":true},"allow_user_certificates":{"type":"bool","description_kind":"plain","optional":true},"allow_user_key_ids":{"type":"bool","description_kind":"plain","optional":true},"allowed_critical_options":{"type":"string","description_kind":"plain","optional":true},"allowed_domains":{"type":"string","description_kind":"plain","optional":true},"allowed_extensions":{"type":"string","description_kind":"plain","optional":true},"allowed_user_key_lengths":{"type":["map","string"],"description_kind":"plain","optional":true},"allowed_users":{"type":"string","description_kind":"plain","optional":true},"backend":{"type":"string","description_kind":"plain","required":true},"cidr_list":{"type":"string","description_kind":"plain","optional":true},"default_critical_options":{"type":["map","string"],"description_kind":"plain","optional":true},"default_extensions":{"type":["map","string"],"description_kind":"plain","optional":true},"default_user":{"type":"string","description_kind":"plain","optional":true},"id":{"type":"string","description_kind":"plain","optional":true,"computed":true},"key_id_format":{"type":"string","description_kind":"plain","optional":true},"key_type":{"type":"string","description_kind":"plain","required":true},"max_ttl":{"type":"string","description_kind":"plain","optional":true,"computed":true},"name":{"type":"string","description":"Unique name for the role.","description_kind":"plain","required":true},"ttl":{"type":"string","description_kind":"plain","optional":true,"computed":true}},"description_kind":"plain"}},"vault_token":{"version":0,"block":{"attributes":{"client_token":{"type":"string","description":"The client token.","description_kind":"plain","computed":true,"sensitive":true},"display_name":{"type":"string","description":"The display name of the token.","description_kind":"plain","optional":true},"encrypted_client_token":{"type":"string","description":"The client token encrypted using the provided PGP key.","description_kind":"plain","computed":true,"sensitive":true},"explicit_max_ttl":{"type":"string","description":"The explicit max TTL of the token.","description_kind":"plain","optional":true},"id":{"type":"string","description_kind":"plain","optional":true,"computed":true},"lease_duration":{"type":"number","description":"The token lease duration.","description_kind":"plain","computed":true},"lease_started":{"type":"string","description":"The token lease started on.","description_kind":"plain","computed":true},"no_default_policy":{"type":"bool","description":"Flag to disable the default policy.","description_kind":"plain","optional":true},"no_parent":{"type":"bool","description":"Flag to create a token without parent.","description_kind":"plain","optional":true,"computed":true},"num_uses":{"type":"number","description":"The number of allowed uses of the token.","description_kind":"plain","optional":true,"computed":true},"period":{"type":"string","description":"The period of the token.","description_kind":"plain","optional":true},"pgp_key":{"type":"string","description":"The PGP key (base64 encoded) to encrypt the token.","description_kind":"plain","optional":true},"policies":{"type":["set","string"],"description":"List of policies.","description_kind":"plain","optional":true},"renew_increment":{"type":"number","description":"The renew increment.","description_kind":"plain","optional":true},"renew_min_lease":{"type":"number","description":"The minimum lease to renew token.","description_kind":"plain","optional":true},"renewable":{"type":"bool","description":"Flag to allow the token to be renewed","description_kind":"plain","optional":true,"computed":true},"role_name":{"type":"string","description":"The token role name.","description_kind":"plain","optional":true},"ttl":{"type":"string","description":"The TTL period of the token.","description_kind":"plain","optional":true},"wrapped_token":{"type":"string","description":"The client wrapped token.","description_kind":"plain","computed":true,"sensitive":true},"wrapping_accessor":{"type":"string","description":"The client wrapping accessor.","description_kind":"plain","computed":true,"sensitive":true},"wrapping_ttl":{"type":"string","description":"The TTL period of the wrapped token.","description_kind":"plain","optional":true}},"description_kind":"plain"}},"vault_token_auth_backend_role":{"version":0,"block":{"attributes":{"allowed_policies":{"type":["set","string"],"description":"List of allowed policies for given role.","description_kind":"plain","optional":true},"bound_cidrs":{"type":["set","string"],"description":"List of CIDRs valid as the source address for login requests. This value is also encoded into any resulting token.","description_kind":"plain","optional":true},"disallowed_policies":{"type":["set","string"],"description":"List of disallowed policies for given role.","description_kind":"plain","optional":true},"explicit_max_ttl":{"type":"string","description":"Number of seconds after which issued tokens can no longer be renewed.","description_kind":"plain","optional":true},"id":{"type":"string","description_kind":"plain","optional":true,"computed":true},"orphan":{"type":"bool","description":"If true, tokens created against this policy will be orphan tokens.","description_kind":"plain","optional":true},"path_suffix":{"type":"string","description":"Tokens created against this role will have the given suffix as part of their path in addition to the role name.","description_kind":"plain","optional":true},"period":{"type":"string","description":"Number of seconds to set the TTL to for issued tokens upon renewal. Makes the token a periodic token, which will never expire as long as it is renewed before the TTL each period.","description_kind":"plain","optional":true},"renewable":{"type":"bool","description":"Whether to disable the ability of the token to be renewed past its initial TTL.","description_kind":"plain","optional":true},"role_name":{"type":"string","description":"Name of the role.","description_kind":"plain","required":true},"token_bound_cidrs":{"type":["set","string"],"description":"Specifies the blocks of IP addresses which are allowed to use the generated token","description_kind":"plain","optional":true},"token_explicit_max_ttl":{"type":"number","description":"Generated Token's Explicit Maximum TTL in seconds","description_kind":"plain","optional":true},"token_max_ttl":{"type":"number","description":"The maximum lifetime of the generated token","description_kind":"plain","optional":true},"token_no_default_policy":{"type":"bool","description":"If true, the 'default' policy will not automatically be added to generated tokens","description_kind":"plain","optional":true},"token_num_uses":{"type":"number","description":"The maximum number of times a token may be used, a value of zero means unlimited","description_kind":"plain","optional":true},"token_period":{"type":"number","description":"Generated Token's Period","description_kind":"plain","optional":true},"token_policies":{"type":["set","string"],"description":"Generated Token's Policies","description_kind":"plain","optional":true},"token_ttl":{"type":"number","description":"The initial ttl of the token to generate in seconds","description_kind":"plain","optional":true},"token_type":{"type":"string","description":"The type of token to generate, service or batch","description_kind":"plain","optional":true}},"description_kind":"plain"}},"vault_transit_secret_backend_key":{"version":0,"block":{"attributes":{"allow_plaintext_backup":{"type":"bool","description":"If set, enables taking backup of named key in the plaintext format. Once set, this cannot be disabled.","description_kind":"plain","optional":true},"backend":{"type":"string","description":"The Transit secret backend the resource belongs to.","description_kind":"plain","required":true},"convergent_encryption":{"type":"bool","description":"Whether or not to support convergent encryption, where the same plaintext creates the same ciphertext. This requires derived to be set to true.","description_kind":"plain","optional":true},"deletion_allowed":{"type":"bool","description":"Specifies if the key is allowed to be deleted.","description_kind":"plain","optional":true},"derived":{"type":"bool","description":"Specifies if key derivation is to be used. If enabled, all encrypt/decrypt requests to this key must provide a context which is used for key derivation.","description_kind":"plain","optional":true},"exportable":{"type":"bool","description":"Enables keys to be exportable. This allows for all the valid keys in the key ring to be exported. Once set, this cannot be disabled.","description_kind":"plain","optional":true},"id":{"type":"string","description_kind":"plain","optional":true,"computed":true},"keys":{"type":["list",["map","string"]],"description":"List of key versions in the keyring.","description_kind":"plain","computed":true},"latest_version":{"type":"number","description":"Latest key version in use in the keyring","description_kind":"plain","computed":true},"min_available_version":{"type":"number","description":"Minimum key version available for use.","description_kind":"plain","computed":true},"min_decryption_version":{"type":"number","description":"Minimum key version to use for decryption.","description_kind":"plain","optional":true},"min_encryption_version":{"type":"number","description":"Minimum key version to use for encryption","description_kind":"plain","optional":true},"name":{"type":"string","description":"Name of the encryption key to create.","description_kind":"plain","required":true},"supports_decryption":{"type":"bool","description":"Whether or not the key supports decryption, based on key type.","description_kind":"plain","computed":true},"supports_derivation":{"type":"bool","description":"Whether or not the key supports derivation, based on key type.","description_kind":"plain","computed":true},"supports_encryption":{"type":"bool","description":"Whether or not the key supports encryption, based on key type.","description_kind":"plain","computed":true},"supports_signing":{"type":"bool","description":"Whether or not the key supports signing, based on key type.","description_kind":"plain","computed":true},"type":{"type":"string","description":"Specifies the type of key to create. The currently-supported types are: aes128-gcm96, aes256-gcm96, chacha20-poly1305, ed25519, ecdsa-p256, ecdsa-p384, ecdsa-p521, rsa-2048, rsa-4096","description_kind":"plain","optional":true}},"description_kind":"plain"}},"vault_transit_secret_cache_config":{"version":0,"block":{"attributes":{"backend":{"type":"string","description":"The Transit secret backend the resource belongs to.","description_kind":"plain","required":true},"id":{"type":"string","description_kind":"plain","optional":true,"computed":true},"size":{"type":"number","description":"Number of cache entries. A size of 0 mean unlimited.","description_kind":"plain","required":true}},"description_kind":"plain"}}},"data_source_schemas":{"vault_approle_auth_backend_role_id":{"version":0,"block":{"attributes":{"backend":{"type":"string","description":"Unique name of the auth backend to configure.","description_kind":"plain","optional":true},"id":{"type":"string","description_kind":"plain","optional":true,"computed":true},"role_id":{"type":"string","description":"The RoleID of the role.","description_kind":"plain","computed":true},"role_name":{"type":"string","description":"Name of the role.","description_kind":"plain","required":true}},"description_kind":"plain"}},"vault_auth_backend":{"version":1,"block":{"attributes":{"accessor":{"type":"string","description":"The accessor of the auth backend.","description_kind":"plain","computed":true},"default_lease_ttl_seconds":{"type":"number","description":"Default lease duration in seconds","description_kind":"plain","computed":true},"description":{"type":"string","description":"The description of the auth backend.","description_kind":"plain","computed":true},"id":{"type":"string","description_kind":"plain","optional":true,"computed":true},"listing_visibility":{"type":"string","description":"Specifies whether to show this mount in the UI-specific listing endpoint.","description_kind":"plain","computed":true},"local":{"type":"bool","description":"Specifies if the auth method is local only","description_kind":"plain","computed":true},"max_lease_ttl_seconds":{"type":"number","description":"Maximum possible lease duration in seconds","description_kind":"plain","computed":true},"path":{"type":"string","description":"The auth backend mount point.","description_kind":"plain","required":true},"type":{"type":"string","description":"The name of the auth backend.","description_kind":"plain","computed":true}},"description_kind":"plain"}},"vault_aws_access_credentials":{"version":0,"block":{"attributes":{"access_key":{"type":"string","description":"AWS access key ID read from Vault.","description_kind":"plain","computed":true},"backend":{"type":"string","description":"AWS Secret Backend to read credentials from.","description_kind":"plain","required":true},"id":{"type":"string","description_kind":"plain","optional":true,"computed":true},"lease_duration":{"type":"number","description":"Lease duration in seconds relative to the time in lease_start_time.","description_kind":"plain","computed":true},"lease_id":{"type":"string","description":"Lease identifier assigned by vault.","description_kind":"plain","computed":true},"lease_renewable":{"type":"bool","description":"True if the duration of this lease can be extended through renewal.","description_kind":"plain","computed":true},"lease_start_time":{"type":"string","description":"Time at which the lease was read, using the clock of the system where Terraform was running","description_kind":"plain","computed":true},"role":{"type":"string","description":"AWS Secret Role to read credentials from.","description_kind":"plain","required":true},"role_arn":{"type":"string","description":"ARN to use if multiple are available in the role. Required if the role has multiple ARNs.","description_kind":"plain","optional":true},"secret_key":{"type":"string","description":"AWS secret key read from Vault.","description_kind":"plain","computed":true},"security_token":{"type":"string","description":"AWS security token read from Vault. (Only returned if type is 'sts').","description_kind":"plain","computed":true},"type":{"type":"string","description":"Type of credentials to read. Must be either 'creds' for Access Key and Secret Key, or 'sts' for STS.","description_kind":"plain","optional":true}},"description_kind":"plain"}},"vault_azure_access_credentials":{"version":0,"block":{"attributes":{"backend":{"type":"string","description":"Azure Secret Backend to read credentials from.","description_kind":"plain","required":true},"client_id":{"type":"string","description":"The client id for credentials to query the Azure APIs.","description_kind":"plain","computed":true},"client_secret":{"type":"string","description":"The client secret for credentials to query the Azure APIs.","description_kind":"plain","computed":true},"id":{"type":"string","description_kind":"plain","optional":true,"computed":true},"lease_duration":{"type":"number","description":"Lease duration in seconds relative to the time in lease_start_time.","description_kind":"plain","computed":true},"lease_id":{"type":"string","description":"Lease identifier assigned by vault.","description_kind":"plain","computed":true},"lease_renewable":{"type":"bool","description":"True if the duration of this lease can be extended through renewal.","description_kind":"plain","computed":true},"lease_start_time":{"type":"string","description":"Time at which the lease was read, using the clock of the system where Terraform was running","description_kind":"plain","computed":true},"max_cred_validation_seconds":{"type":"number","description":"If 'validate_creds' is true, the number of seconds after which to give up validating credentials.","description_kind":"plain","optional":true},"num_seconds_between_tests":{"type":"number","description":"If 'validate_creds' is true, the number of seconds to wait between each test of generated credentials.","description_kind":"plain","optional":true},"num_sequential_successes":{"type":"number","description":"If 'validate_creds' is true, the number of sequential successes required to validate generated credentials.","description_kind":"plain","optional":true},"role":{"type":"string","description":"Azure Secret Role to read credentials from.","description_kind":"plain","required":true},"validate_creds":{"type":"bool","description":"Whether generated credentials should be validated before being returned.","description_kind":"plain","optional":true}},"description_kind":"plain"}},"vault_generic_secret":{"version":1,"block":{"attributes":{"data":{"type":["map","string"],"description":"Map of strings read from Vault.","description_kind":"plain","computed":true},"data_json":{"type":"string","description":"JSON-encoded secret data read from Vault.","description_kind":"plain","computed":true},"id":{"type":"string","description_kind":"plain","optional":true,"computed":true},"lease_duration":{"type":"number","description":"Lease duration in seconds relative to the time in lease_start_time.","description_kind":"plain","computed":true},"lease_id":{"type":"string","description":"Lease identifier assigned by vault.","description_kind":"plain","computed":true},"lease_renewable":{"type":"bool","description":"True if the duration of this lease can be extended through renewal.","description_kind":"plain","computed":true},"lease_start_time":{"type":"string","description":"Time at which the lease was read, using the clock of the system where Terraform was running","description_kind":"plain","computed":true},"path":{"type":"string","description":"Full path from which a secret will be read.","description_kind":"plain","required":true},"version":{"type":"number","description_kind":"plain","optional":true}},"description_kind":"plain"}},"vault_identity_entity":{"version":0,"block":{"attributes":{"alias_id":{"type":"string","description":"ID of the alias.","description_kind":"plain","optional":true,"computed":true},"alias_mount_accessor":{"type":"string","description":"Accessor of the mount to which the alias belongs to. This should be supplied in conjunction with `alias_name`.","description_kind":"plain","optional":true,"computed":true},"alias_name":{"type":"string","description":"Name of the alias. This should be supplied in conjunction with `alias_mount_accessor`.","description_kind":"plain","optional":true,"computed":true},"aliases":{"type":["set",["object",{"canonical_id":"string","creation_time":"string","id":"string","last_update_time":"string","merged_from_canonical_ids":["set","string"],"metadata":["map","string"],"mount_accessor":"string","mount_path":"string","mount_type":"string","name":"string"}]],"description_kind":"plain","computed":true},"creation_time":{"type":"string","description_kind":"plain","computed":true},"data_json":{"type":"string","description":"Entity data from Vault in JSON String form","description_kind":"plain","computed":true},"direct_group_ids":{"type":["set","string"],"description_kind":"plain","computed":true},"disabled":{"type":"bool","description_kind":"plain","computed":true},"entity_id":{"type":"string","description":"ID of the entity.","description_kind":"plain","optional":true,"computed":true},"entity_name":{"type":"string","description":"Name of the entity.","description_kind":"plain","optional":true,"computed":true},"group_ids":{"type":["set","string"],"description_kind":"plain","computed":true},"id":{"type":"string","description_kind":"plain","optional":true,"computed":true},"inherited_group_ids":{"type":["set","string"],"description_kind":"plain","computed":true},"last_update_time":{"type":"string","description_kind":"plain","computed":true},"merged_entity_ids":{"type":["set","string"],"description_kind":"plain","computed":true},"metadata":{"type":["map","string"],"description_kind":"plain","computed":true},"namespace_id":{"type":"string","description_kind":"plain","computed":true},"policies":{"type":["set","string"],"description_kind":"plain","computed":true}},"description_kind":"plain"}},"vault_identity_group":{"version":0,"block":{"attributes":{"alias_canonical_id":{"type":"string","description_kind":"plain","computed":true},"alias_creation_time":{"type":"string","description_kind":"plain","computed":true},"alias_id":{"type":"string","description":"ID of the alias.","description_kind":"plain","optional":true,"computed":true},"alias_last_update_time":{"type":"string","description_kind":"plain","computed":true},"alias_merged_from_canonical_ids":{"type":["set","string"],"description_kind":"plain","computed":true},"alias_metadata":{"type":["map","string"],"description_kind":"plain","computed":true},"alias_mount_accessor":{"type":"string","description":"Accessor of the mount to which the alias belongs to. This should be supplied in conjunction with `alias_name`.","description_kind":"plain","optional":true,"computed":true},"alias_mount_path":{"type":"string","description_kind":"plain","computed":true},"alias_mount_type":{"type":"string","description_kind":"plain","computed":true},"alias_name":{"type":"string","description":"Name of the alias. This should be supplied in conjunction with `alias_mount_accessor`.","description_kind":"plain","optional":true,"computed":true},"creation_time":{"type":"string","description_kind":"plain","computed":true},"data_json":{"type":"string","description":"Group data from Vault in JSON String form","description_kind":"plain","computed":true},"group_id":{"type":"string","description":"ID of the group.","description_kind":"plain","optional":true,"computed":true},"group_name":{"type":"string","description":"Name of the group.","description_kind":"plain","optional":true,"computed":true},"id":{"type":"string","description_kind":"plain","optional":true,"computed":true},"last_update_time":{"type":"string","description_kind":"plain","computed":true},"member_entity_ids":{"type":["set","string"],"description_kind":"plain","computed":true},"member_group_ids":{"type":["set","string"],"description_kind":"plain","computed":true},"metadata":{"type":["map","string"],"description_kind":"plain","computed":true},"modify_index":{"type":"number","description_kind":"plain","computed":true},"namespace_id":{"type":"string","description_kind":"plain","computed":true},"parent_group_ids":{"type":["set","string"],"description_kind":"plain","computed":true},"policies":{"type":["set","string"],"description_kind":"plain","computed":true},"type":{"type":"string","description_kind":"plain","computed":true}},"description_kind":"plain"}},"vault_kubernetes_auth_backend_config":{"version":0,"block":{"attributes":{"backend":{"type":"string","description":"Unique name of the kubernetes backend to configure.","description_kind":"plain","optional":true},"id":{"type":"string","description_kind":"plain","optional":true,"computed":true},"issuer":{"type":"string","description":"Optional JWT issuer. If no issuer is specified, kubernetes.io/serviceaccount will be used as the default issuer.","description_kind":"plain","optional":true,"computed":true},"kubernetes_ca_cert":{"type":"string","description":"PEM encoded CA cert for use by the TLS client used to talk with the Kubernetes API.","description_kind":"plain","optional":true,"computed":true},"kubernetes_host":{"type":"string","description":"Host must be a host string, a host:port pair, or a URL to the base of the Kubernetes API server.","description_kind":"plain","optional":true,"computed":true},"pem_keys":{"type":["list","string"],"description":"Optional list of PEM-formatted public keys or certificates used to verify the signatures of Kubernetes service account JWTs. If a certificate is given, its public key will be extracted. Not every installation of Kubernetes exposes these keys.","description_kind":"plain","optional":true,"computed":true}},"description_kind":"plain"}},"vault_kubernetes_auth_backend_role":{"version":0,"block":{"attributes":{"audience":{"type":"string","description":"Optional Audience claim to verify in the JWT.","description_kind":"plain","optional":true},"backend":{"type":"string","description":"Unique name of the kubernetes backend to configure.","description_kind":"plain","optional":true},"bound_cidrs":{"type":["set","string"],"description":"List of CIDRs valid as the source address for login requests. This value is also encoded into any resulting token.","description_kind":"plain","optional":true},"bound_service_account_names":{"type":["set","string"],"description":"List of service account names able to access this role. If set to \"*\" all names are allowed, both this and bound_service_account_namespaces can not be \"*\".","description_kind":"plain","computed":true},"bound_service_account_namespaces":{"type":["set","string"],"description":"List of namespaces allowed to access this role. If set to \"*\" all namespaces are allowed, both this and bound_service_account_names can not be set to \"*\".","description_kind":"plain","computed":true},"id":{"type":"string","description_kind":"plain","optional":true,"computed":true},"max_ttl":{"type":"number","description":"Number of seconds after which issued tokens can no longer be renewed.","description_kind":"plain","optional":true},"num_uses":{"type":"number","description":"Number of times issued tokens can be used. Setting this to 0 or leaving it unset means unlimited uses.","description_kind":"plain","optional":true},"period":{"type":"number","description":"Number of seconds to set the TTL to for issued tokens upon renewal. Makes the token a periodic token, which will never expire as long as it is renewed before the TTL each period.","description_kind":"plain","optional":true},"policies":{"type":["set","string"],"description":"Policies to be set on tokens issued using this role.","description_kind":"plain","optional":true},"role_name":{"type":"string","description":"Name of the role.","description_kind":"plain","required":true},"token_bound_cidrs":{"type":["set","string"],"description":"Specifies the blocks of IP addresses which are allowed to use the generated token","description_kind":"plain","optional":true},"token_explicit_max_ttl":{"type":"number","description":"Generated Token's Explicit Maximum TTL in seconds","description_kind":"plain","optional":true},"token_max_ttl":{"type":"number","description":"The maximum lifetime of the generated token","description_kind":"plain","optional":true},"token_no_default_policy":{"type":"bool","description":"If true, the 'default' policy will not automatically be added to generated tokens","description_kind":"plain","optional":true},"token_num_uses":{"type":"number","description":"The maximum number of times a token may be used, a value of zero means unlimited","description_kind":"plain","optional":true},"token_period":{"type":"number","description":"Generated Token's Period","description_kind":"plain","optional":true},"token_policies":{"type":["set","string"],"description":"Generated Token's Policies","description_kind":"plain","optional":true},"token_ttl":{"type":"number","description":"The initial ttl of the token to generate in seconds","description_kind":"plain","optional":true},"token_type":{"type":"string","description":"The type of token to generate, service or batch","description_kind":"plain","optional":true},"ttl":{"type":"number","description":"Default number of seconds to set as the TTL for issued tokens and at renewal time.","description_kind":"plain","optional":true}},"description_kind":"plain"}},"vault_policy_document":{"version":0,"block":{"attributes":{"hcl":{"type":"string","description_kind":"plain","computed":true},"id":{"type":"string","description_kind":"plain","optional":true,"computed":true}},"block_types":{"rule":{"nesting_mode":"list","block":{"attributes":{"capabilities":{"type":["list","string"],"description_kind":"plain","required":true},"description":{"type":"string","description_kind":"plain","optional":true},"max_wrapping_ttl":{"type":"string","description_kind":"plain","optional":true},"min_wrapping_ttl":{"type":"string","description_kind":"plain","optional":true},"path":{"type":"string","description_kind":"plain","required":true},"required_parameters":{"type":["list","string"],"description_kind":"plain","optional":true}},"block_types":{"allowed_parameter":{"nesting_mode":"list","block":{"attributes":{"key":{"type":"string","description_kind":"plain","required":true},"value":{"type":["list","string"],"description_kind":"plain","required":true}},"description_kind":"plain"}},"denied_parameter":{"nesting_mode":"list","block":{"attributes":{"key":{"type":"string","description_kind":"plain","required":true},"value":{"type":["list","string"],"description_kind":"plain","required":true}},"description_kind":"plain"}}},"description_kind":"plain"}}},"description_kind":"plain"}}}}}}
