{"format_version":"0.2","provider_schemas":{"registry.terraform.io/benesch/frontegg":{"provider":{"version":0,"block":{"attributes":{"client_id":{"type":"string","description":"The ID of the Frontegg workspace to operate on.","description_kind":"markdown","required":true},"email":{"type":"string","description":"The email of the Frontegg user to authenticate as.","description_kind":"markdown","required":true},"password":{"type":"string","description":"The password of the Frontegg user to authenticate as.","description_kind":"markdown","required":true,"sensitive":true}},"description_kind":"plain"}},"resource_schemas":{"frontegg_permission":{"version":0,"block":{"attributes":{"category_id":{"type":"string","description":"The identifier of the category to which this permission belongs.","description_kind":"markdown","required":true},"created_at":{"type":"string","description":"The timestamp at which the permission was created.","description_kind":"markdown","computed":true},"description":{"type":"string","description":"A human-readable description of the permission.","description_kind":"markdown","required":true},"id":{"type":"string","description_kind":"plain","optional":true,"computed":true},"key":{"type":"string","description":"A human-readable identifier for the permission.","description_kind":"markdown","required":true},"name":{"type":"string","description":"A human-readable name for the permission.","description_kind":"markdown","required":true}},"description":"Configures a Frontegg permission.","description_kind":"markdown"}},"frontegg_permission_category":{"version":0,"block":{"attributes":{"created_at":{"type":"string","description":"The timestamp at which the permission category was created.","description_kind":"markdown","computed":true},"description":{"type":"string","description":"A human-readable description of the permission category.","description_kind":"markdown","required":true},"id":{"type":"string","description_kind":"plain","optional":true,"computed":true},"name":{"type":"string","description":"A human-readable name for the permission category.","description_kind":"markdown","required":true}},"description":"Configures a Frontegg permission category.","description_kind":"markdown"}},"frontegg_role":{"version":0,"block":{"attributes":{"created_at":{"type":"string","description":"The timestamp at which the role was created.","description_kind":"markdown","computed":true},"default":{"type":"bool","description":"Whether the role should be applied to new users by default.","description_kind":"markdown","required":true},"description":{"type":"string","description":"A human-readable description of the role.","description_kind":"markdown","required":true},"id":{"type":"string","description_kind":"plain","optional":true,"computed":true},"key":{"type":"string","description":"A human-readable identifier for the role.","description_kind":"markdown","required":true},"level":{"type":"number","description":"The level of the role in the role hierarchy.","description_kind":"markdown","required":true},"name":{"type":"string","description":"A human-readable name for the role.","description_kind":"markdown","required":true},"permission_ids":{"type":["set","string"],"description":"The IDs of the permissions that the role confers to its members.","description_kind":"markdown","required":true},"tenant_id":{"type":"string","description":"The ID of the tenant that owns the role.","description_kind":"markdown","computed":true},"vendor_id":{"type":"string","description":"The ID of the vendor that owns the role.","description_kind":"markdown","computed":true}},"description":"Configures a Frontegg role.","description_kind":"markdown"}},"frontegg_webhook":{"version":0,"block":{"attributes":{"created_at":{"type":"string","description":"The timestamp at which the webhook was created.","description_kind":"markdown","computed":true},"description":{"type":"string","description":"A human-readable description of the webhook.","description_kind":"markdown","required":true},"enabled":{"type":"bool","description":"Whether the webhook is enabled.","description_kind":"markdown","required":true},"events":{"type":["set","string"],"description":"The names of the events to subscribe to.","description_kind":"markdown","required":true},"id":{"type":"string","description_kind":"plain","optional":true,"computed":true},"name":{"type":"string","description":"A human-readable name for the webhook.","description_kind":"markdown","required":true},"secret":{"type":"string","description":"A secret to include with the event.","description_kind":"markdown","required":true},"tenant_id":{"type":"string","description":"The ID of the tenant that owns the webhook.","description_kind":"markdown","computed":true},"type":{"type":"string","description":"The type of the webhook.","description_kind":"markdown","computed":true},"url":{"type":"string","description":"The URL to send events to.","description_kind":"markdown","required":true},"vendor_id":{"type":"string","description":"The ID of the vendor that owns the webhook.","description_kind":"markdown","computed":true}},"description":"Configures a Frontegg webhook.","description_kind":"markdown"}},"frontegg_workspace":{"version":0,"block":{"attributes":{"allowed_origins":{"type":["set","string"],"description":"The origins that are allowed to access the workspace.\n\n    This parameter controls the value of the \"Origin\" header for API responses.","description_kind":"markdown","required":true},"backend_stack":{"type":"string","description":"The backend stack of the application associated with the workspace.","description_kind":"markdown","required":true},"country":{"type":"string","description":"The country associated with the workspace.","description_kind":"markdown","required":true},"custom_domain":{"type":"string","description":"A custom domain at which Frontegg services will be reachable.\n\n    You must configure a CNAME record for this domain that points to\n    \"ssl.frontegg.com\" before setting this field.\n","description_kind":"markdown","optional":true},"frontegg_domain":{"type":"string","description":"The domain at which the Frontegg API is served for this workspace.\n\n    The domain must end with \".frontegg.com\".","description_kind":"markdown","required":true},"frontend_stack":{"type":"string","description":"The frontend stack of the application associated with the worksapce.","description_kind":"markdown","required":true},"id":{"type":"string","description_kind":"plain","optional":true,"computed":true},"name":{"type":"string","description":"The name of the workspace.","description_kind":"markdown","required":true},"open_saas_installed":{"type":"bool","description":"Whether the application associated with the workspace has OpenSaaS installed.","description_kind":"markdown","required":true}},"block_types":{"admin_portal":{"nesting_mode":"list","block":{"attributes":{"enable_account_settings":{"type":"bool","description":"Enable access to account settings in the admin portal.","description_kind":"markdown","required":true},"enable_api_tokens":{"type":"bool","description":"Enable access to API tokens in the admin portal.","description_kind":"markdown","required":true},"enable_audit_logs":{"type":"bool","description":"Enable access to audit logs in the admin portal.","description_kind":"markdown","required":true},"enable_personal_api_tokens":{"type":"bool","description":"Enable access to personal API tokens in the admin portal.","description_kind":"markdown","required":true},"enable_privacy":{"type":"bool","description":"Enable access to privacy settings in the admin portal.","description_kind":"markdown","required":true},"enable_profile":{"type":"bool","description":"Enable access to profile settings in the admin portal.","description_kind":"markdown","required":true},"enable_roles":{"type":"bool","description":"Enable access to roles and permissions in the admin portal.","description_kind":"markdown","required":true},"enable_security":{"type":"bool","description":"Enable access to security settings in the admin portal.","description_kind":"markdown","required":true},"enable_sso":{"type":"bool","description":"Enable access to SSO settings in the admin portal.","description_kind":"markdown","required":true},"enable_subscriptions":{"type":"bool","description":"Enable access to subscription settings in the admin portal.","description_kind":"markdown","required":true},"enable_usage":{"type":"bool","description":"Enable access to usage information in the admin portal.","description_kind":"markdown","required":true},"enable_users":{"type":"bool","description":"Enable access to user management in the admin portal.","description_kind":"markdown","required":true},"enable_webhooks":{"type":"bool","description":"Enable access to webhooks in the admin portal.","description_kind":"markdown","required":true}},"block_types":{"palette":{"nesting_mode":"list","block":{"attributes":{"error":{"type":"string","description":"Error color.","description_kind":"markdown","required":true},"info":{"type":"string","description":"Info color.","description_kind":"markdown","required":true},"primary":{"type":"string","description":"Primary color.","description_kind":"markdown","required":true},"primary_text":{"type":"string","description":"Primary text color.","description_kind":"markdown","required":true},"secondary":{"type":"string","description":"Secondary color.","description_kind":"markdown","required":true},"secondary_text":{"type":"string","description":"Secondary text color.","description_kind":"markdown","required":true},"success":{"type":"string","description":"Success color.","description_kind":"markdown","required":true},"warning":{"type":"string","description":"Warning color.","description_kind":"markdown","required":true}},"description":"Configures the color palette for the admin portal.","description_kind":"markdown"},"min_items":1,"max_items":1}},"description":"Configures the admin portal.","description_kind":"markdown"},"min_items":1,"max_items":1},"auth_policy":{"nesting_mode":"list","block":{"attributes":{"allow_signups":{"type":"bool","description":"Whether users are allowed to sign up.","description_kind":"markdown","required":true},"allow_unverified_users":{"type":"bool","description":"Whether unverified users are allowed to log in.","description_kind":"markdown","required":true},"enable_api_tokens":{"type":"bool","description":"Whether users can create API tokens.","description_kind":"markdown","required":true},"enable_roles":{"type":"bool","description":"Whether granular roles and permissions are enabled.","description_kind":"markdown","required":true},"jwt_access_token_expiration":{"type":"number","description":"The expiration time for the JWT access tokens issued by Frontegg.","description_kind":"markdown","required":true},"jwt_algorithm":{"type":"string","description":"The algorithm Frontegg uses to sign JWT tokens.","description_kind":"markdown","optional":true},"jwt_public_key":{"type":"string","description":"The public key that Frontegg uses to sign JWT tokens.","description_kind":"markdown","computed":true},"jwt_refresh_token_expiration":{"type":"number","description":"The expiration time for the JWT refresh tokens issued by Frontegg.","description_kind":"markdown","required":true},"same_site_cookie_policy":{"type":"string","description":"The SameSite policy to use for Frontegg cookies.\n\n\tMust be one of \"none\", \"lax\", or \"strict\".","description_kind":"markdown","required":true}},"description":"Configures the general authentication policy.","description_kind":"markdown"},"min_items":1,"max_items":1},"captcha_policy":{"nesting_mode":"list","block":{"attributes":{"min_score":{"type":"number","description":"The minimum CAPTCHA score to accept. Set to 0.0 to accept all scores.","description_kind":"markdown","required":true},"secret_key":{"type":"string","description":"The reCAPTCHA secret key to use.","description_kind":"markdown","required":true},"site_key":{"type":"string","description":"The reCAPTCHA site key to use.","description_kind":"markdown","required":true}},"description":"Configures the CAPTCHA policy in the signup form.","description_kind":"markdown"},"max_items":1},"facebook_social_login":{"nesting_mode":"list","block":{"attributes":{"client_id":{"type":"string","description":"The client ID of the Facebook application to authenticate with.","description_kind":"markdown","required":true},"redirect_url":{"type":"string","description":"The URL to redirect to after a successful authentication.","description_kind":"markdown","required":true},"secret":{"type":"string","description":"The secret associated with the Facebook application.","description_kind":"markdown","required":true,"sensitive":true}},"description":"Configures social login with Facebook.","description_kind":"markdown"},"max_items":1},"github_social_login":{"nesting_mode":"list","block":{"attributes":{"client_id":{"type":"string","description":"The client ID of the GitHub application to authenticate with.","description_kind":"markdown","required":true},"redirect_url":{"type":"string","description":"The URL to redirect to after a successful authentication.","description_kind":"markdown","required":true},"secret":{"type":"string","description":"The secret associated with the GitHub application.","description_kind":"markdown","required":true,"sensitive":true}},"description":"Configures social login with GitHub.","description_kind":"markdown"},"max_items":1},"google_social_login":{"nesting_mode":"list","block":{"attributes":{"client_id":{"type":"string","description":"The client ID of the Google application to authenticate with.","description_kind":"markdown","required":true},"redirect_url":{"type":"string","description":"The URL to redirect to after a successful authentication.","description_kind":"markdown","required":true},"secret":{"type":"string","description":"The secret associated with the Google application.","description_kind":"markdown","required":true,"sensitive":true}},"description":"Configures social login with Google.","description_kind":"markdown"},"max_items":1},"hosted_login":{"nesting_mode":"list","block":{"attributes":{"allowed_redirect_urls":{"type":["set","string"],"description":"Allowed redirect URLs.","description_kind":"markdown","optional":true}},"description":"Configures Frontegg-hosted OAuth login.","description_kind":"markdown"},"max_items":1},"lockout_policy":{"nesting_mode":"list","block":{"attributes":{"max_attempts":{"type":"number","description":"The number of failed attempts after which a user will be locked out.","description_kind":"markdown","required":true}},"description":"Configures the user lockout policy.","description_kind":"markdown"},"max_items":1},"mfa_authentication_app":{"nesting_mode":"list","block":{"attributes":{"service_name":{"type":"string","description":"The service name to display in the authentication app.","description_kind":"markdown","required":true}},"description":"Configures the multi-factor authentication (MFA) via an authentication app.","description_kind":"markdown"},"max_items":1},"mfa_policy":{"nesting_mode":"list","block":{"attributes":{"allow_remember_device":{"type":"bool","description":"Allow users to remember their MFA devices.","description_kind":"markdown","required":true},"device_expiration":{"type":"number","description":"The number of seconds that MFA devices can be remembered for, if allow_remember_my_device is true.","description_kind":"markdown","required":true},"enforce":{"type":"string","description":"Whether to force use of MFA.\n\n\tMust be one of \"off\", \"on\", or \"unless-saml\".","description_kind":"markdown","required":true}},"description":"Configures the multi-factor authentication (MFA) policy.","description_kind":"markdown"},"min_items":1,"max_items":1},"microsoft_social_login":{"nesting_mode":"list","block":{"attributes":{"client_id":{"type":"string","description":"The client ID of the Microsoft application to authenticate with.","description_kind":"markdown","required":true},"redirect_url":{"type":"string","description":"The URL to redirect to after a successful authentication.","description_kind":"markdown","required":true},"secret":{"type":"string","description":"The secret associated with the Microsoft application.","description_kind":"markdown","required":true,"sensitive":true}},"description":"Configures social login with Google.","description_kind":"markdown"},"max_items":1},"password_policy":{"nesting_mode":"list","block":{"attributes":{"allow_passphrases":{"type":"bool","description_kind":"plain","required":true},"history":{"type":"number","description":"The number of historical passwords to prevent users from reusing. Set to zero to disable.","description_kind":"markdown","required":true},"max_length":{"type":"number","description":"The maximum length of a password.","description_kind":"markdown","required":true},"min_length":{"type":"number","description":"The minimum length of a password.","description_kind":"markdown","required":true},"min_phrase_length":{"type":"number","description_kind":"plain","required":true},"min_tests":{"type":"number","description":"The minimum number of strength tests the password must meet.","description_kind":"markdown","required":true}},"description":"Configures the password policy.","description_kind":"markdown"},"min_items":1,"max_items":1},"pwned_password_email":{"nesting_mode":"list","block":{"attributes":{"from_address":{"type":"string","description":"The address to use in the \"From\" header of the email.","description_kind":"markdown","required":true},"from_name":{"type":"string","description":"The name to use in the \"From\" header of the email.","description_kind":"markdown","required":true},"html_template":{"type":"string","description":"The HTML template to use in the email.","description_kind":"markdown","required":true},"redirect_url":{"type":"string","description":"The redirect URL to use, if applicable.\n\n    Access this value as \"\\{\\{redirectURL\\}\\}\" in the template.","description_kind":"markdown","optional":true},"subject":{"type":"string","description":"The subject of the email.","description_kind":"markdown","required":true}},"description":"Configures the pwned password email.","description_kind":"markdown"},"max_items":1},"reset_password_email":{"nesting_mode":"list","block":{"attributes":{"from_address":{"type":"string","description":"The address to use in the \"From\" header of the email.","description_kind":"markdown","required":true},"from_name":{"type":"string","description":"The name to use in the \"From\" header of the email.","description_kind":"markdown","required":true},"html_template":{"type":"string","description":"The HTML template to use in the email.","description_kind":"markdown","required":true},"redirect_url":{"type":"string","description":"The redirect URL to use, if applicable.\n\n    Access this value as \"\\{\\{redirectURL\\}\\}\" in the template.","description_kind":"markdown","optional":true},"subject":{"type":"string","description":"The subject of the email.","description_kind":"markdown","required":true}},"description":"Configures the password reset email.","description_kind":"markdown"},"max_items":1},"saml":{"nesting_mode":"list","block":{"attributes":{"acs_url":{"type":"string","description":"The ACS URL for the SAML authentication flow.","description_kind":"markdown","required":true},"sp_entity_id":{"type":"string","description":"The name of the service provider that will be displayed to users.","description_kind":"markdown","required":true}},"description":"Configures SSO via SAML.","description_kind":"markdown"},"max_items":1},"user_activation_email":{"nesting_mode":"list","block":{"attributes":{"from_address":{"type":"string","description":"The address to use in the \"From\" header of the email.","description_kind":"markdown","required":true},"from_name":{"type":"string","description":"The name to use in the \"From\" header of the email.","description_kind":"markdown","required":true},"html_template":{"type":"string","description":"The HTML template to use in the email.","description_kind":"markdown","required":true},"redirect_url":{"type":"string","description":"The redirect URL to use, if applicable.\n\n    Access this value as \"\\{\\{redirectURL\\}\\}\" in the template.","description_kind":"markdown","optional":true},"subject":{"type":"string","description":"The subject of the email.","description_kind":"markdown","required":true}},"description":"Configures the user activation email.","description_kind":"markdown"},"max_items":1},"user_invitation_email":{"nesting_mode":"list","block":{"attributes":{"from_address":{"type":"string","description":"The address to use in the \"From\" header of the email.","description_kind":"markdown","required":true},"from_name":{"type":"string","description":"The name to use in the \"From\" header of the email.","description_kind":"markdown","required":true},"html_template":{"type":"string","description":"The HTML template to use in the email.","description_kind":"markdown","required":true},"redirect_url":{"type":"string","description":"The redirect URL to use, if applicable.\n\n    Access this value as \"\\{\\{redirectURL\\}\\}\" in the template.","description_kind":"markdown","optional":true},"subject":{"type":"string","description":"The subject of the email.","description_kind":"markdown","required":true}},"description":"Configures the user invitation email.","description_kind":"markdown"},"max_items":1}},"description":"Workspace configuration.\n\nThis is a singleton resource. You must only create one frontegg_workspace resource\nper Frontegg provider.","description_kind":"markdown"}}},"data_source_schemas":{"frontegg_permission":{"version":0,"block":{"attributes":{"category_id":{"type":"string","description":"The identifier of the category to which this permission belongs.","description_kind":"markdown","computed":true},"created_at":{"type":"string","description":"The timestamp at which the permission was created.","description_kind":"markdown","computed":true},"description":{"type":"string","description":"A human-readable description of the permission.","description_kind":"markdown","computed":true},"id":{"type":"string","description_kind":"plain","optional":true,"computed":true},"key":{"type":"string","description":"A human-readable identifier for the permission.","description_kind":"markdown","required":true},"name":{"type":"string","description":"A human-readable name for the permission.","description_kind":"markdown","computed":true}},"description_kind":"plain"}}}}}}
