{"format_version":"0.2","provider_schemas":{"registry.terraform.io/bgpat/dnsimple":{"provider":{"version":0,"block":{"attributes":{"account":{"type":"string","description":"The account for API operations.","description_kind":"plain","required":true},"sandbox":{"type":"bool","description":"Flag to enable the sandbox API.","description_kind":"plain","optional":true},"token":{"type":"string","description":"The API v2 token for API operations.","description_kind":"plain","required":true}},"description_kind":"plain"}},"resource_schemas":{"dnsimple_email_forward":{"version":0,"block":{"attributes":{"alias_name":{"type":"string","description_kind":"plain","required":true},"destination_email":{"type":"string","description_kind":"plain","required":true},"domain":{"type":"string","description_kind":"plain","required":true},"id":{"type":"string","description_kind":"plain","optional":true,"computed":true}},"description_kind":"plain"}},"dnsimple_record":{"version":0,"block":{"attributes":{"domain":{"type":"string","description_kind":"plain","required":true},"domain_id":{"type":"string","description_kind":"plain","computed":true},"hostname":{"type":"string","description_kind":"plain","computed":true},"id":{"type":"string","description_kind":"plain","optional":true,"computed":true},"name":{"type":"string","description_kind":"plain","required":true},"priority":{"type":"string","description_kind":"plain","optional":true,"computed":true},"ttl":{"type":"string","description_kind":"plain","optional":true},"type":{"type":"string","description_kind":"plain","required":true},"value":{"type":"string","description_kind":"plain","required":true}},"description_kind":"plain"}}}}}}
