{"format_version":"0.2","provider_schemas":{"registry.terraform.io/bilenkis/metabase":{"provider":{"version":0,"block":{"attributes":{"password":{"type":"string","description":"Password of the user to connect to Metabase","description_kind":"plain","required":true,"sensitive":true},"url":{"type":"string","description":"URL of a Metabase instance","description_kind":"plain","required":true},"username":{"type":"string","description":"User name account to connect to Metabase","description_kind":"plain","required":true}},"description_kind":"plain"}},"resource_schemas":{"metabase_database":{"version":0,"block":{"attributes":{"db":{"type":"string","description":"Database name inside an engine","description_kind":"plain","required":true},"description":{"type":"string","description":"Description of a source in Metabase","description_kind":"plain","computed":true},"engine":{"type":"string","description":"Engine of a database. See [Officially supported databases](https://github.com/metabase/metabase/blob/master/docs/administration-guide/01-managing-databases.md)","description_kind":"plain","optional":true},"host":{"type":"string","description":"Database host: IP or hostname","description_kind":"plain","required":true},"id":{"type":"string","description_kind":"plain","optional":true,"computed":true},"last_updated":{"type":"string","description":"Timestamp when a database has been updated last time","description_kind":"plain","optional":true,"computed":true},"name":{"type":"string","description":"Name of the source in Metabase","description_kind":"plain","required":true},"password":{"type":"string","description":"Password to connect to a database","description_kind":"plain","required":true},"port":{"type":"number","description":"Database port","description_kind":"plain","optional":true},"user":{"type":"string","description":"User name to connect to a database","description_kind":"plain","required":true}},"description":"`metabase_database` resource can be used for managing databases (CRUD).\n\n","description_kind":"plain"}}},"data_source_schemas":{"metabase_base":{"version":0,"block":{"attributes":{"description":{"type":"string","description":"Description of a source in Metabase","description_kind":"plain","computed":true},"id":{"type":"number","description":"Source ID","description_kind":"plain","required":true},"name":{"type":"string","description":"Source name","description_kind":"plain","computed":true}},"description":"`metabase_base` data source can be used to retrieve parameters of a certain database.\n\n","description_kind":"plain"}},"metabase_bases":{"version":0,"block":{"attributes":{"databases":{"type":["list",["object",{"auto_run_queries":"bool","cache_field_values_schedule":"string","caveats":"string","created_at":"string","description":"string","details_db":"string","details_host":"string","details_password":"string","details_port":"number","details_ssl":"bool","details_user":"string","engine":"string","features":["list","string"],"id":"number","is_full_sync":"bool","is_on_demand":"bool","is_sample":"bool","metadata_sync_schedule":"string","name":"string","native_permissions":"string","options":"string","points_of_interest":"string","refingerprint":"string","timezone":"string","updated_at":"string"}]],"description_kind":"plain","computed":true},"id":{"type":"string","description_kind":"plain","optional":true,"computed":true}},"description":"`metabase_bases` data source can be used to retrieve all defined databases as a list.\n\nExample response can be found in [schema_data_databases.txt](../schema_data_databases.txt)","description_kind":"plain"}}}}}}
