{"format_version":"0.2","provider_schemas":{"registry.terraform.io/bingtsingw/aliyun":{"provider":{"version":0,"block":{"attributes":{"access_key":{"type":"string","description_kind":"plain","optional":true},"account_id":{"type":"string","description_kind":"plain","optional":true},"region":{"type":"string","description_kind":"plain","optional":true},"secret_key":{"type":"string","description_kind":"plain","optional":true}},"description_kind":"plain"}},"resource_schemas":{"aliyun_cr_user_info":{"version":0,"block":{"attributes":{"id":{"type":"string","description_kind":"plain","optional":true,"computed":true},"password":{"type":"string","description_kind":"plain","required":true,"sensitive":true}},"description_kind":"plain"}},"aliyun_cr_user_info_auth":{"version":0,"block":{"attributes":{"access_key":{"type":"string","description_kind":"plain","required":true,"sensitive":true},"id":{"type":"string","description_kind":"plain","optional":true,"computed":true},"password":{"type":"string","description_kind":"plain","required":true,"sensitive":true},"region":{"type":"string","description_kind":"plain","required":true},"secret_key":{"type":"string","description_kind":"plain","required":true,"sensitive":true}},"description_kind":"plain"}},"aliyun_dcdn_domain":{"version":0,"block":{"attributes":{"cname":{"type":"string","description_kind":"plain","computed":true},"domain_name":{"type":"string","description_kind":"plain","required":true},"id":{"type":"string","description_kind":"plain","optional":true,"computed":true},"resource_group_id":{"type":"string","description_kind":"plain","optional":true,"computed":true},"scope":{"type":"string","description_kind":"plain","optional":true}},"block_types":{"sources":{"nesting_mode":"set","block":{"attributes":{"content":{"type":"string","description_kind":"plain","required":true},"port":{"type":"number","description_kind":"plain","optional":true},"priority":{"type":"string","description_kind":"plain","optional":true},"type":{"type":"string","description_kind":"plain","required":true},"weight":{"type":"string","description_kind":"plain","optional":true}},"description_kind":"plain"},"min_items":1},"timeouts":{"nesting_mode":"single","block":{"attributes":{"create":{"type":"string","description_kind":"plain","optional":true},"delete":{"type":"string","description_kind":"plain","optional":true},"update":{"type":"string","description_kind":"plain","optional":true}},"description_kind":"plain"}}},"description_kind":"plain"}},"aliyun_dcdn_domain_cert":{"version":0,"block":{"attributes":{"cert_name":{"type":"string","description_kind":"plain","required":true},"domain_name":{"type":"string","description_kind":"plain","required":true},"id":{"type":"string","description_kind":"plain","optional":true,"computed":true},"ssl_pri":{"type":"string","description_kind":"plain","required":true},"ssl_pub":{"type":"string","description_kind":"plain","required":true}},"description_kind":"plain"}},"aliyun_dcdn_domain_config":{"version":0,"block":{"attributes":{"domain_name":{"type":"string","description_kind":"plain","required":true},"function_name":{"type":"string","description_kind":"plain","required":true},"id":{"type":"string","description_kind":"plain","optional":true,"computed":true}},"block_types":{"function_args":{"nesting_mode":"set","block":{"attributes":{"arg_name":{"type":"string","description_kind":"plain","required":true},"arg_value":{"type":"string","description_kind":"plain","required":true}},"description_kind":"plain"},"min_items":1}},"description_kind":"plain"}},"aliyun_fc_trigger":{"version":0,"block":{"attributes":{"config":{"type":"string","description_kind":"plain","optional":true},"config_mns":{"type":"string","description_kind":"plain","optional":true},"function":{"type":"string","description_kind":"plain","required":true},"id":{"type":"string","description_kind":"plain","optional":true,"computed":true},"last_modified":{"type":"string","description_kind":"plain","computed":true},"name":{"type":"string","description_kind":"plain","optional":true,"computed":true},"name_prefix":{"type":"string","description_kind":"plain","optional":true},"qualifier":{"type":"string","description_kind":"plain","optional":true},"role":{"type":"string","description_kind":"plain","optional":true},"service":{"type":"string","description_kind":"plain","required":true},"source_arn":{"type":"string","description_kind":"plain","optional":true},"trigger_id":{"type":"string","description_kind":"plain","computed":true},"type":{"type":"string","description_kind":"plain","required":true}},"description_kind":"plain"}},"aliyun_fc_version":{"version":0,"block":{"attributes":{"description":{"type":"string","description_kind":"plain","optional":true},"id":{"type":"string","description_kind":"plain","optional":true,"computed":true},"service_name":{"type":"string","description_kind":"plain","required":true}},"description_kind":"plain"}}}}}}
